{
  "version": 4,
  "terraform_version": "1.13.5",
  "serial": 1,
  "lineage": "46a03614-a698-dbeb-466b-a46056363b90",
  "outputs": {
    "artifacts_bucket_name": {
      "value": "mkdocs-demo-artifacts-dev",
      "type": "string"
    },
    "site_bucket_name": {
      "value": "mkdocs-demo-dev",
      "type": "string"
    }
  },
  "resources": [
    {
      "mode": "managed",
      "type": "aws_iam_role",
      "name": "github_actions_deploy",
      "provider": "provider[\"registry.terraform.io/hashicorp/aws\"]",
      "instances": [
        {
          "schema_version": 0,
          "attributes": {
            "arn": "arn:aws:iam::000000000000:role/mkdocs-demo-dev-github-actions-deploy",
            "assume_role_policy": "{\"Statement\":[{\"Action\":\"sts:AssumeRoleWithWebIdentity\",\"Condition\":{\"StringEquals\":{\"token.actions.githubusercontent.com:aud\":\"sts.amazonaws.com\"},\"StringLike\":{\"token.actions.githubusercontent.com:sub\":[]}},\"Effect\":\"Allow\",\"Principal\":{\"Federated\":\"\"}}],\"Version\":\"2012-10-17\"}",
            "create_date": "2026-01-25T13:52:14Z",
            "description": "",
            "force_detach_policies": false,
            "id": "mkdocs-demo-dev-github-actions-deploy",
            "inline_policy": [],
            "managed_policy_arns": [],
            "max_session_duration": 3600,
            "name": "mkdocs-demo-dev-github-actions-deploy",
            "name_prefix": "",
            "path": "/",
            "permissions_boundary": "",
            "tags": null,
            "tags_all": {
              "Managed": "terraform",
              "Project": "mkdocs-demo"
            },
            "unique_id": "AROAQAAAAAAAINL6VW5O7"
          },
          "sensitive_attributes": [],
          "identity_schema_version": 0,
          "identity": {
            "account_id": "000000000000",
            "name": "mkdocs-demo-dev-github-actions-deploy"
          },
          "private": "bnVsbA=="
        }
      ]
    },
    {
      "mode": "managed",
      "type": "aws_s3_bucket",
      "name": "artifacts",
      "provider": "provider[\"registry.terraform.io/hashicorp/aws\"]",
      "instances": []
    },
    {
      "mode": "managed",
      "type": "aws_s3_bucket",
      "name": "site",
      "provider": "provider[\"registry.terraform.io/hashicorp/aws\"]",
      "instances": []
    }
  ],
  "check_results": null
}
