{"format_version":"1.2","terraform_version":"1.13.5","planned_values":{"root_module":{"resources":[{"address":"aws_s3_bucket.examplebucket","mode":"managed","type":"aws_s3_bucket","name":"examplebucket","provider_name":"registry.terraform.io/hashicorp/aws","schema_version":0,"values":{"bucket":"examplebucket","force_destroy":false,"region":"us-east-1","tags":null,"timeouts":null},"sensitive_values":{"cors_rule":[],"grant":[],"lifecycle_rule":[],"logging":[],"object_lock_configuration":[],"replication_configuration":[],"server_side_encryption_configuration":[],"tags_all":{},"versioning":[],"website":[]},"identity_schema_version":0,"identity":{"account_id":null,"bucket":null,"region":null}},{"address":"aws_s3_bucket.versionedexample","mode":"managed","type":"aws_s3_bucket","name":"versionedexample","provider_name":"registry.terraform.io/hashicorp/aws","schema_version":0,"values":{"bucket":"versionedexample","force_destroy":false,"region":"us-east-1","tags":null,"timeouts":null},"sensitive_values":{"cors_rule":[],"grant":[],"lifecycle_rule":[],"logging":[],"object_lock_configuration":[],"replication_configuration":[],"server_side_encryption_configuration":[],"tags_all":{},"versioning":[],"website":[]},"identity_schema_version":0,"identity":{"account_id":null,"bucket":null,"region":null}},{"address":"aws_s3_bucket_policy.examplebucket","mode":"managed","type":"aws_s3_bucket_policy","name":"examplebucket","provider_name":"registry.terraform.io/hashicorp/aws","schema_version":0,"values":{"region":"us-east-1"},"sensitive_values":{},"identity_schema_version":0,"identity":{"account_id":null,"bucket":null,"region":null}},{"address":"aws_s3_bucket_versioning.versionedexample","mode":"managed","type":"aws_s3_bucket_versioning","name":"versionedexample","provider_name":"registry.terraform.io/hashicorp/aws","schema_version":0,"values":{"expected_bucket_owner":null,"mfa":null,"region":"us-east-1","versioning_configuration":[{"status":"Enabled"}]},"sensitive_values":{"versioning_configuration":[{}]},"identity_schema_version":0,"identity":{"account_id":null,"bucket":null,"expected_bucket_owner":null,"region":null}},{"address":"aws_s3_bucket_website_configuration.examplebucket","mode":"managed","type":"aws_s3_bucket_website_configuration","name":"examplebucket","provider_name":"registry.terraform.io/hashicorp/aws","schema_version":0,"values":{"error_document":[{"key":"error.html"}],"expected_bucket_owner":null,"index_document":[{"suffix":"index.html"}],"redirect_all_requests_to":[],"region":"us-east-1"},"sensitive_values":{"error_document":[{}],"index_document":[{}],"redirect_all_requests_to":[],"routing_rule":[]},"identity_schema_version":0,"identity":{"account_id":null,"bucket":null,"expected_bucket_owner":null,"region":null}},{"address":"aws_s3_object.examplebucketfiles[\"bucket-files/error.html\"]","mode":"managed","type":"aws_s3_object","name":"examplebucketfiles","index":"bucket-files/error.html","provider_name":"registry.terraform.io/hashicorp/aws","schema_version":0,"values":{"acl":"public-read","bucket":"examplebucket","cache_control":null,"checksum_algorithm":null,"content":null,"content_base64":null,"content_disposition":null,"content_encoding":null,"content_language":null,"content_type":"text/html","etag":"d572559e73b7a58d63f115e42b434327","force_destroy":false,"key":"error.html","metadata":null,"object_lock_legal_hold_status":null,"object_lock_mode":null,"object_lock_retain_until_date":null,"override_provider":[],"region":"us-east-1","source":"bucket-files/error.html","source_hash":null,"tags":null,"website_redirect":null},"sensitive_values":{"override_provider":[],"tags_all":{}},"identity_schema_version":0,"identity":{"account_id":null,"bucket":null,"key":null,"region":null}},{"address":"aws_s3_object.versionedbucketfiles[\"versioned-bucket-files/index.html\"]","mode":"managed","type":"aws_s3_object","name":"versionedbucketfiles","index":"versioned-bucket-files/index.html","provider_name":"registry.terraform.io/hashicorp/aws","schema_version":0,"values":{"acl":"public-read","bucket":"versionedexample","cache_control":null,"checksum_algorithm":null,"content":null,"content_base64":null,"content_disposition":null,"content_encoding":null,"content_language":null,"content_type":"text/html","etag":"9af564e385ece0194e22be5628532c52","force_destroy":false,"key":"index.html","metadata":null,"object_lock_legal_hold_status":null,"object_lock_mode":null,"object_lock_retain_until_date":null,"override_provider":[],"region":"us-east-1","source":"versioned-bucket-files/index.html","source_hash":null,"tags":null,"website_redirect":null},"sensitive_values":{"override_provider":[],"tags_all":{}},"identity_schema_version":0,"identity":{"account_id":null,"bucket":null,"key":null,"region":null}}]}},"resource_changes":[{"address":"aws_s3_bucket.examplebucket","mode":"managed","type":"aws_s3_bucket","name":"examplebucket","provider_name":"registry.terraform.io/hashicorp/aws","change":{"actions":["create"],"before":null,"after":{"bucket":"examplebucket","force_destroy":false,"region":"us-east-1","tags":null,"timeouts":null},"after_unknown":{"acceleration_status":true,"acl":true,"arn":true,"bucket_domain_name":true,"bucket_prefix":true,"bucket_region":true,"bucket_regional_domain_name":true,"cors_rule":true,"grant":true,"hosted_zone_id":true,"id":true,"lifecycle_rule":true,"logging":true,"object_lock_configuration":true,"object_lock_enabled":true,"policy":true,"replication_configuration":true,"request_payer":true,"server_side_encryption_configuration":true,"tags_all":true,"versioning":true,"website":true,"website_domain":true,"website_endpoint":true},"before_sensitive":false,"after_sensitive":{"cors_rule":[],"grant":[],"lifecycle_rule":[],"logging":[],"object_lock_configuration":[],"replication_configuration":[],"server_side_encryption_configuration":[],"tags_all":{},"versioning":[],"website":[]},"after_identity":{"account_id":null,"bucket":null,"region":null}}},{"address":"aws_s3_bucket.versionedexample","mode":"managed","type":"aws_s3_bucket","name":"versionedexample","provider_name":"registry.terraform.io/hashicorp/aws","change":{"actions":["create"],"before":null,"after":{"bucket":"versionedexample","force_destroy":false,"region":"us-east-1","tags":null,"timeouts":null},"after_unknown":{"acceleration_status":true,"acl":true,"arn":true,"bucket_domain_name":true,"bucket_prefix":true,"bucket_region":true,"bucket_regional_domain_name":true,"cors_rule":true,"grant":true,"hosted_zone_id":true,"id":true,"lifecycle_rule":true,"logging":true,"object_lock_configuration":true,"object_lock_enabled":true,"policy":true,"replication_configuration":true,"request_payer":true,"server_side_encryption_configuration":true,"tags_all":true,"versioning":true,"website":true,"website_domain":true,"website_endpoint":true},"before_sensitive":false,"after_sensitive":{"cors_rule":[],"grant":[],"lifecycle_rule":[],"logging":[],"object_lock_configuration":[],"replication_configuration":[],"server_side_encryption_configuration":[],"tags_all":{},"versioning":[],"website":[]},"after_identity":{"account_id":null,"bucket":null,"region":null}}},{"address":"aws_s3_bucket_policy.examplebucket","mode":"managed","type":"aws_s3_bucket_policy","name":"examplebucket","provider_name":"registry.terraform.io/hashicorp/aws","change":{"actions":["create"],"before":null,"after":{"region":"us-east-1"},"after_unknown":{"bucket":true,"id":true,"policy":true},"before_sensitive":false,"after_sensitive":{},"after_identity":{"account_id":null,"bucket":null,"region":null}}},{"address":"aws_s3_bucket_versioning.versionedexample","mode":"managed","type":"aws_s3_bucket_versioning","name":"versionedexample","provider_name":"registry.terraform.io/hashicorp/aws","change":{"actions":["create"],"before":null,"after":{"expected_bucket_owner":null,"mfa":null,"region":"us-east-1","versioning_configuration":[{"status":"Enabled"}]},"after_unknown":{"bucket":true,"id":true,"versioning_configuration":[{"mfa_delete":true}]},"before_sensitive":false,"after_sensitive":{"versioning_configuration":[{}]},"after_identity":{"account_id":null,"bucket":null,"expected_bucket_owner":null,"region":null}}},{"address":"aws_s3_bucket_website_configuration.examplebucket","mode":"managed","type":"aws_s3_bucket_website_configuration","name":"examplebucket","provider_name":"registry.terraform.io/hashicorp/aws","change":{"actions":["create"],"before":null,"after":{"error_document":[{"key":"error.html"}],"expected_bucket_owner":null,"index_document":[{"suffix":"index.html"}],"redirect_all_requests_to":[],"region":"us-east-1"},"after_unknown":{"bucket":true,"error_document":[{}],"id":true,"index_document":[{}],"redirect_all_requests_to":[],"routing_rule":true,"routing_rules":true,"website_domain":true,"website_endpoint":true},"before_sensitive":false,"after_sensitive":{"error_document":[{}],"index_document":[{}],"redirect_all_requests_to":[],"routing_rule":[]},"after_identity":{"account_id":null,"bucket":null,"expected_bucket_owner":null,"region":null}}},{"address":"aws_s3_object.examplebucketfiles[\"bucket-files/error.html\"]","mode":"managed","type":"aws_s3_object","name":"examplebucketfiles","index":"bucket-files/error.html","provider_name":"registry.terraform.io/hashicorp/aws","change":{"actions":["create"],"before":null,"after":{"acl":"public-read","bucket":"examplebucket","cache_control":null,"checksum_algorithm":null,"content":null,"content_base64":null,"content_disposition":null,"content_encoding":null,"content_language":null,"content_type":"text/html","etag":"d572559e73b7a58d63f115e42b434327","force_destroy":false,"key":"error.html","metadata":null,"object_lock_legal_hold_status":null,"object_lock_mode":null,"object_lock_retain_until_date":null,"override_provider":[],"region":"us-east-1","source":"bucket-files/error.html","source_hash":null,"tags":null,"website_redirect":null},"after_unknown":{"arn":true,"bucket_key_enabled":true,"checksum_crc32":true,"checksum_crc32c":true,"checksum_crc64nvme":true,"checksum_sha1":true,"checksum_sha256":true,"id":true,"kms_key_id":true,"override_provider":[],"server_side_encryption":true,"storage_class":true,"tags_all":true,"version_id":true},"before_sensitive":false,"after_sensitive":{"override_provider":[],"tags_all":{}},"after_identity":{"account_id":null,"bucket":null,"key":null,"region":null}}},{"address":"aws_s3_object.versionedbucketfiles[\"versioned-bucket-files/index.html\"]","mode":"managed","type":"aws_s3_object","name":"versionedbucketfiles","index":"versioned-bucket-files/index.html","provider_name":"registry.terraform.io/hashicorp/aws","change":{"actions":["create"],"before":null,"after":{"acl":"public-read","bucket":"versionedexample","cache_control":null,"checksum_algorithm":null,"content":null,"content_base64":null,"content_disposition":null,"content_encoding":null,"content_language":null,"content_type":"text/html","etag":"9af564e385ece0194e22be5628532c52","force_destroy":false,"key":"index.html","metadata":null,"object_lock_legal_hold_status":null,"object_lock_mode":null,"object_lock_retain_until_date":null,"override_provider":[],"region":"us-east-1","source":"versioned-bucket-files/index.html","source_hash":null,"tags":null,"website_redirect":null},"after_unknown":{"arn":true,"bucket_key_enabled":true,"checksum_crc32":true,"checksum_crc32c":true,"checksum_crc64nvme":true,"checksum_sha1":true,"checksum_sha256":true,"id":true,"kms_key_id":true,"override_provider":[],"server_side_encryption":true,"storage_class":true,"tags_all":true,"version_id":true},"before_sensitive":false,"after_sensitive":{"override_provider":[],"tags_all":{}},"after_identity":{"account_id":null,"bucket":null,"key":null,"region":null}}}],"configuration":{"provider_config":{"archive":{"name":"archive","full_name":"registry.terraform.io/hashicorp/archive","version_constraint":"\u003e= 2.0.0"},"aws":{"name":"aws","full_name":"registry.terraform.io/hashicorp/aws","version_constraint":"~\u003e 6.27.0","expressions":{"access_key":{"constant_value":"mock"},"endpoints":[{"apigateway":{"constant_value":"http://localhost:4566"},"apigatewayv2":{"constant_value":"http://localhost:4566"},"cloudwatch":{"constant_value":"http://localhost:4566"},"cloudwatchevents":{"constant_value":"http://localhost:4566"},"dynamodb":{"constant_value":"http://localhost:4566"},"ec2":{"constant_value":"http://localhost:4566"},"ecr":{"constant_value":"http://localhost:4566"},"ecrpublic":{"constant_value":"http://localhost:4566"},"ecs":{"constant_value":"http://localhost:4566"},"efs":{"constant_value":"http://localhost:4566"},"iam":{"constant_value":"http://localhost:4566"},"kinesis":{"constant_value":"http://localhost:4566"},"kms":{"constant_value":"http://localhost:4566"},"lambda":{"constant_value":"http://localhost:4566"},"logs":{"constant_value":"http://localhost:4566"},"route53":{"constant_value":"http://localhost:4566"},"s3":{"constant_value":"http://localhost:4566"},"s3control":{"constant_value":"http://localhost:4566"},"secretsmanager":{"constant_value":"http://localhost:4566"},"sns":{"constant_value":"http://localhost:4566"},"sqs":{"constant_value":"http://localhost:4566"},"ssm":{"constant_value":"http://localhost:4566"},"sts":{"constant_value":"http://localhost:4566"}}],"region":{"constant_value":"us-east-1"},"s3_use_path_style":{"constant_value":true},"secret_key":{"constant_value":"mock"},"skip_credentials_validation":{"constant_value":true},"skip_metadata_api_check":{"constant_value":true},"skip_region_validation":{"constant_value":true},"skip_requesting_account_id":{"constant_value":true}}}},"root_module":{"resources":[{"address":"aws_s3_bucket.examplebucket","mode":"managed","type":"aws_s3_bucket","name":"examplebucket","provider_config_key":"aws","expressions":{"bucket":{"constant_value":"examplebucket"}},"schema_version":0},{"address":"aws_s3_bucket.versionedexample","mode":"managed","type":"aws_s3_bucket","name":"versionedexample","provider_config_key":"aws","expressions":{"bucket":{"constant_value":"versionedexample"}},"schema_version":0},{"address":"aws_s3_bucket_policy.examplebucket","mode":"managed","type":"aws_s3_bucket_policy","name":"examplebucket","provider_config_key":"aws","expressions":{"bucket":{"references":["aws_s3_bucket.examplebucket.id","aws_s3_bucket.examplebucket"]},"policy":{"references":["aws_s3_bucket.examplebucket.arn","aws_s3_bucket.examplebucket","aws_s3_bucket.examplebucket.arn","aws_s3_bucket.examplebucket"]}},"schema_version":0},{"address":"aws_s3_bucket_versioning.versionedexample","mode":"managed","type":"aws_s3_bucket_versioning","name":"versionedexample","provider_config_key":"aws","expressions":{"bucket":{"references":["aws_s3_bucket.versionedexample.id","aws_s3_bucket.versionedexample"]},"versioning_configuration":[{"status":{"constant_value":"Enabled"}}]},"schema_version":0},{"address":"aws_s3_bucket_website_configuration.examplebucket","mode":"managed","type":"aws_s3_bucket_website_configuration","name":"examplebucket","provider_config_key":"aws","expressions":{"bucket":{"references":["aws_s3_bucket.examplebucket.id","aws_s3_bucket.examplebucket"]},"error_document":[{"key":{"constant_value":"error.html"}}],"index_document":[{"suffix":{"constant_value":"index.html"}}]},"schema_version":0},{"address":"aws_s3_object.examplebucketfiles","mode":"managed","type":"aws_s3_object","name":"examplebucketfiles","provider_config_key":"aws","expressions":{"acl":{"constant_value":"public-read"},"bucket":{"constant_value":"examplebucket"},"content_type":{"constant_value":"text/html"},"etag":{"references":["each.value"]},"key":{"references":["each.value"]},"source":{"references":["each.value"]}},"schema_version":0,"for_each_expression":{"references":["path.root"]},"depends_on":["aws_s3_bucket.examplebucket"]},{"address":"aws_s3_object.versionedbucketfiles","mode":"managed","type":"aws_s3_object","name":"versionedbucketfiles","provider_config_key":"aws","expressions":{"acl":{"constant_value":"public-read"},"bucket":{"constant_value":"versionedexample"},"content_type":{"constant_value":"text/html"},"etag":{"references":["each.value"]},"key":{"references":["each.value"]},"source":{"references":["each.value"]}},"schema_version":0,"for_each_expression":{"references":["path.root"]},"depends_on":["aws_s3_bucket.versionedexample"]}]}},"relevant_attributes":[{"resource":"aws_s3_bucket.examplebucket","attribute":["arn"]},{"resource":"aws_s3_bucket.examplebucket","attribute":["id"]},{"resource":"aws_s3_bucket.versionedexample","attribute":["id"]}],"timestamp":"2026-01-23T08:23:03Z","applyable":true,"complete":true,"errored":false}
