{
  "version": 4,
  "terraform_version": "1.13.5",
  "serial": 8,
  "lineage": "a725abf0-4489-9bc8-e8f8-6f284cc9268a",
  "outputs": {},
  "resources": [
    {
      "mode": "data",
      "type": "aws_caller_identity",
      "name": "main",
      "provider": "provider[\"registry.terraform.io/hashicorp/aws\"]",
      "instances": [
        {
          "schema_version": 0,
          "attributes": {
            "account_id": "000000000000",
            "arn": "arn:aws:iam::000000000000:root",
            "id": "000000000000",
            "user_id": "AKIAIOSFODNN7EXAMPLE"
          },
          "sensitive_attributes": [],
          "identity_schema_version": 0
        }
      ]
    },
    {
      "mode": "data",
      "type": "aws_canonical_user_id",
      "name": "main",
      "provider": "provider[\"registry.terraform.io/hashicorp/aws\"]",
      "instances": [
        {
          "schema_version": 0,
          "attributes": {
            "display_name": "webfile",
            "id": "75aa57f09aa0c8caeab4f8c24e99d10f8e7faeebf76c078efc7c6caea54ba06a"
          },
          "sensitive_attributes": [],
          "identity_schema_version": 0
        }
      ]
    },
    {
      "mode": "data",
      "type": "aws_iam_policy_document",
      "name": "assume_role_pipes_pipe_s3_object_created_image",
      "provider": "provider[\"registry.terraform.io/hashicorp/aws\"]",
      "instances": [
        {
          "schema_version": 0,
          "attributes": {
            "id": "1269366293",
            "json": "{\n  \"Version\": \"2012-10-17\",\n  \"Statement\": [\n    {\n      \"Effect\": \"Allow\",\n      \"Action\": \"sts:AssumeRole\",\n      \"Principal\": {\n        \"Service\": \"pipes.amazonaws.com\"\n      }\n    }\n  ]\n}",
            "minified_json": "{\"Version\":\"2012-10-17\",\"Statement\":[{\"Effect\":\"Allow\",\"Action\":\"sts:AssumeRole\",\"Principal\":{\"Service\":\"pipes.amazonaws.com\"}}]}",
            "override_json": null,
            "override_policy_documents": null,
            "policy_id": null,
            "source_json": null,
            "source_policy_documents": null,
            "statement": [
              {
                "actions": [
                  "sts:AssumeRole"
                ],
                "condition": [],
                "effect": "Allow",
                "not_actions": [],
                "not_principals": [],
                "not_resources": [],
                "principals": [
                  {
                    "identifiers": [
                      "pipes.amazonaws.com"
                    ],
                    "type": "Service"
                  }
                ],
                "resources": [],
                "sid": ""
              }
            ],
            "version": "2012-10-17"
          },
          "sensitive_attributes": [],
          "identity_schema_version": 0
        }
      ]
    },
    {
      "mode": "data",
      "type": "aws_iam_policy_document",
      "name": "assume_role_sfn_state_machine_rekognition",
      "provider": "provider[\"registry.terraform.io/hashicorp/aws\"]",
      "instances": [
        {
          "schema_version": 0,
          "attributes": {
            "id": "4022981484",
            "json": "{\n  \"Version\": \"2012-10-17\",\n  \"Statement\": [\n    {\n      \"Effect\": \"Allow\",\n      \"Action\": \"sts:AssumeRole\",\n      \"Principal\": {\n        \"Service\": \"states.amazonaws.com\"\n      }\n    }\n  ]\n}",
            "minified_json": "{\"Version\":\"2012-10-17\",\"Statement\":[{\"Effect\":\"Allow\",\"Action\":\"sts:AssumeRole\",\"Principal\":{\"Service\":\"states.amazonaws.com\"}}]}",
            "override_json": null,
            "override_policy_documents": null,
            "policy_id": null,
            "source_json": null,
            "source_policy_documents": null,
            "statement": [
              {
                "actions": [
                  "sts:AssumeRole"
                ],
                "condition": [],
                "effect": "Allow",
                "not_actions": [],
                "not_principals": [],
                "not_resources": [],
                "principals": [
                  {
                    "identifiers": [
                      "states.amazonaws.com"
                    ],
                    "type": "Service"
                  }
                ],
                "resources": [],
                "sid": ""
              }
            ],
            "version": "2012-10-17"
          },
          "sensitive_attributes": [],
          "identity_schema_version": 0
        }
      ]
    },
    {
      "mode": "data",
      "type": "aws_iam_policy_document",
      "name": "assume_role_sfn_state_machine_rekognition_detect_faces",
      "provider": "provider[\"registry.terraform.io/hashicorp/aws\"]",
      "instances": [
        {
          "schema_version": 0,
          "attributes": {
            "id": "4022981484",
            "json": "{\n  \"Version\": \"2012-10-17\",\n  \"Statement\": [\n    {\n      \"Effect\": \"Allow\",\n      \"Action\": \"sts:AssumeRole\",\n      \"Principal\": {\n        \"Service\": \"states.amazonaws.com\"\n      }\n    }\n  ]\n}",
            "minified_json": "{\"Version\":\"2012-10-17\",\"Statement\":[{\"Effect\":\"Allow\",\"Action\":\"sts:AssumeRole\",\"Principal\":{\"Service\":\"states.amazonaws.com\"}}]}",
            "override_json": null,
            "override_policy_documents": null,
            "policy_id": null,
            "source_json": null,
            "source_policy_documents": null,
            "statement": [
              {
                "actions": [
                  "sts:AssumeRole"
                ],
                "condition": [],
                "effect": "Allow",
                "not_actions": [],
                "not_principals": [],
                "not_resources": [],
                "principals": [
                  {
                    "identifiers": [
                      "states.amazonaws.com"
                    ],
                    "type": "Service"
                  }
                ],
                "resources": [],
                "sid": ""
              }
            ],
            "version": "2012-10-17"
          },
          "sensitive_attributes": [],
          "identity_schema_version": 0
        }
      ]
    },
    {
      "mode": "data",
      "type": "aws_iam_policy_document",
      "name": "assume_role_sfn_state_machine_rekognition_detect_labels",
      "provider": "provider[\"registry.terraform.io/hashicorp/aws\"]",
      "instances": [
        {
          "schema_version": 0,
          "attributes": {
            "id": "4022981484",
            "json": "{\n  \"Version\": \"2012-10-17\",\n  \"Statement\": [\n    {\n      \"Effect\": \"Allow\",\n      \"Action\": \"sts:AssumeRole\",\n      \"Principal\": {\n        \"Service\": \"states.amazonaws.com\"\n      }\n    }\n  ]\n}",
            "minified_json": "{\"Version\":\"2012-10-17\",\"Statement\":[{\"Effect\":\"Allow\",\"Action\":\"sts:AssumeRole\",\"Principal\":{\"Service\":\"states.amazonaws.com\"}}]}",
            "override_json": null,
            "override_policy_documents": null,
            "policy_id": null,
            "source_json": null,
            "source_policy_documents": null,
            "statement": [
              {
                "actions": [
                  "sts:AssumeRole"
                ],
                "condition": [],
                "effect": "Allow",
                "not_actions": [],
                "not_principals": [],
                "not_resources": [],
                "principals": [
                  {
                    "identifiers": [
                      "states.amazonaws.com"
                    ],
                    "type": "Service"
                  }
                ],
                "resources": [],
                "sid": ""
              }
            ],
            "version": "2012-10-17"
          },
          "sensitive_attributes": [],
          "identity_schema_version": 0
        }
      ]
    },
    {
      "mode": "data",
      "type": "aws_iam_policy_document",
      "name": "assume_role_sfn_state_machine_rekognition_detect_moderation_labels",
      "provider": "provider[\"registry.terraform.io/hashicorp/aws\"]",
      "instances": [
        {
          "schema_version": 0,
          "attributes": {
            "id": "4022981484",
            "json": "{\n  \"Version\": \"2012-10-17\",\n  \"Statement\": [\n    {\n      \"Effect\": \"Allow\",\n      \"Action\": \"sts:AssumeRole\",\n      \"Principal\": {\n        \"Service\": \"states.amazonaws.com\"\n      }\n    }\n  ]\n}",
            "minified_json": "{\"Version\":\"2012-10-17\",\"Statement\":[{\"Effect\":\"Allow\",\"Action\":\"sts:AssumeRole\",\"Principal\":{\"Service\":\"states.amazonaws.com\"}}]}",
            "override_json": null,
            "override_policy_documents": null,
            "policy_id": null,
            "source_json": null,
            "source_policy_documents": null,
            "statement": [
              {
                "actions": [
                  "sts:AssumeRole"
                ],
                "condition": [],
                "effect": "Allow",
                "not_actions": [],
                "not_principals": [],
                "not_resources": [],
                "principals": [
                  {
                    "identifiers": [
                      "states.amazonaws.com"
                    ],
                    "type": "Service"
                  }
                ],
                "resources": [],
                "sid": ""
              }
            ],
            "version": "2012-10-17"
          },
          "sensitive_attributes": [],
          "identity_schema_version": 0
        }
      ]
    },
    {
      "mode": "data",
      "type": "aws_iam_policy_document",
      "name": "assume_role_sfn_state_machine_rekognition_detect_protective_equipment",
      "provider": "provider[\"registry.terraform.io/hashicorp/aws\"]",
      "instances": [
        {
          "schema_version": 0,
          "attributes": {
            "id": "4022981484",
            "json": "{\n  \"Version\": \"2012-10-17\",\n  \"Statement\": [\n    {\n      \"Effect\": \"Allow\",\n      \"Action\": \"sts:AssumeRole\",\n      \"Principal\": {\n        \"Service\": \"states.amazonaws.com\"\n      }\n    }\n  ]\n}",
            "minified_json": "{\"Version\":\"2012-10-17\",\"Statement\":[{\"Effect\":\"Allow\",\"Action\":\"sts:AssumeRole\",\"Principal\":{\"Service\":\"states.amazonaws.com\"}}]}",
            "override_json": null,
            "override_policy_documents": null,
            "policy_id": null,
            "source_json": null,
            "source_policy_documents": null,
            "statement": [
              {
                "actions": [
                  "sts:AssumeRole"
                ],
                "condition": [],
                "effect": "Allow",
                "not_actions": [],
                "not_principals": [],
                "not_resources": [],
                "principals": [
                  {
                    "identifiers": [
                      "states.amazonaws.com"
                    ],
                    "type": "Service"
                  }
                ],
                "resources": [],
                "sid": ""
              }
            ],
            "version": "2012-10-17"
          },
          "sensitive_attributes": [],
          "identity_schema_version": 0
        }
      ]
    },
    {
      "mode": "data",
      "type": "aws_iam_policy_document",
      "name": "assume_role_sfn_state_machine_rekognition_detect_text",
      "provider": "provider[\"registry.terraform.io/hashicorp/aws\"]",
      "instances": [
        {
          "schema_version": 0,
          "attributes": {
            "id": "4022981484",
            "json": "{\n  \"Version\": \"2012-10-17\",\n  \"Statement\": [\n    {\n      \"Effect\": \"Allow\",\n      \"Action\": \"sts:AssumeRole\",\n      \"Principal\": {\n        \"Service\": \"states.amazonaws.com\"\n      }\n    }\n  ]\n}",
            "minified_json": "{\"Version\":\"2012-10-17\",\"Statement\":[{\"Effect\":\"Allow\",\"Action\":\"sts:AssumeRole\",\"Principal\":{\"Service\":\"states.amazonaws.com\"}}]}",
            "override_json": null,
            "override_policy_documents": null,
            "policy_id": null,
            "source_json": null,
            "source_policy_documents": null,
            "statement": [
              {
                "actions": [
                  "sts:AssumeRole"
                ],
                "condition": [],
                "effect": "Allow",
                "not_actions": [],
                "not_principals": [],
                "not_resources": [],
                "principals": [
                  {
                    "identifiers": [
                      "states.amazonaws.com"
                    ],
                    "type": "Service"
                  }
                ],
                "resources": [],
                "sid": ""
              }
            ],
            "version": "2012-10-17"
          },
          "sensitive_attributes": [],
          "identity_schema_version": 0
        }
      ]
    },
    {
      "mode": "data",
      "type": "aws_region",
      "name": "main",
      "provider": "provider[\"registry.terraform.io/hashicorp/aws\"]",
      "instances": [
        {
          "schema_version": 0,
          "attributes": {
            "description": "US East (N. Virginia)",
            "endpoint": "ec2.us-east-1.amazonaws.com",
            "id": "us-east-1",
            "name": "us-east-1",
            "region": "us-east-1"
          },
          "sensitive_attributes": [],
          "identity_schema_version": 0
        }
      ]
    },
    {
      "mode": "managed",
      "type": "aws_iam_role",
      "name": "pipes_pipe_s3_object_created_image",
      "provider": "provider[\"registry.terraform.io/hashicorp/aws\"]",
      "instances": [
        {
          "schema_version": 0,
          "attributes": {
            "arn": "arn:aws:iam::000000000000:role/insect/insect-pipes-pipe-s3-object-created-text",
            "assume_role_policy": "{\"Statement\":[{\"Action\":\"sts:AssumeRole\",\"Effect\":\"Allow\",\"Principal\":{\"Service\":\"pipes.amazonaws.com\"}}],\"Version\":\"2012-10-17\"}",
            "create_date": "2026-01-27T12:19:37Z",
            "description": "",
            "force_detach_policies": false,
            "id": "insect-pipes-pipe-s3-object-created-text",
            "inline_policy": [],
            "managed_policy_arns": [],
            "max_session_duration": 3600,
            "name": "insect-pipes-pipe-s3-object-created-text",
            "name_prefix": "",
            "path": "/insect/",
            "permissions_boundary": "",
            "tags": {
              "account_arn": "arn:aws:iam::000000000000:root",
              "account_id": "000000000000",
              "organization": "insect",
              "region": "us-east-1",
              "workspace": "default"
            },
            "tags_all": {
              "account_arn": "arn:aws:iam::000000000000:root",
              "account_id": "000000000000",
              "organization": "insect",
              "region": "us-east-1",
              "workspace": "default"
            },
            "unique_id": "AROAQAAAAAAAE3Q7NLJ6P"
          },
          "sensitive_attributes": [],
          "identity_schema_version": 0,
          "identity": {
            "account_id": "000000000000",
            "name": "insect-pipes-pipe-s3-object-created-text"
          },
          "private": "bnVsbA==",
          "dependencies": [
            "data.aws_caller_identity.main",
            "data.aws_iam_policy_document.assume_role_pipes_pipe_s3_object_created_image",
            "data.aws_region.main",
            "random_pet.organization"
          ]
        }
      ]
    },
    {
      "mode": "managed",
      "type": "aws_iam_role",
      "name": "sfn_state_machine_rekognition",
      "provider": "provider[\"registry.terraform.io/hashicorp/aws\"]",
      "instances": [
        {
          "schema_version": 0,
          "attributes": {
            "arn": "arn:aws:iam::000000000000:role/insect/sfn-state-machine-rekognition",
            "assume_role_policy": "{\"Statement\":[{\"Action\":\"sts:AssumeRole\",\"Effect\":\"Allow\",\"Principal\":{\"Service\":\"states.amazonaws.com\"}}],\"Version\":\"2012-10-17\"}",
            "create_date": "2026-01-27T12:19:37Z",
            "description": "",
            "force_detach_policies": false,
            "id": "sfn-state-machine-rekognition",
            "inline_policy": [],
            "managed_policy_arns": [],
            "max_session_duration": 3600,
            "name": "sfn-state-machine-rekognition",
            "name_prefix": "",
            "path": "/insect/",
            "permissions_boundary": "",
            "tags": {
              "caller_identity_account_arn": "arn:aws:iam::000000000000:root",
              "caller_identity_account_id": "000000000000",
              "caller_identity_user_id": "AKIAIOSFODNN7EXAMPLE",
              "canonical_user_id": "75aa57f09aa0c8caeab4f8c24e99d10f8e7faeebf76c078efc7c6caea54ba06a",
              "organization": "insect",
              "region": "us-east-1",
              "workspace": "default"
            },
            "tags_all": {
              "caller_identity_account_arn": "arn:aws:iam::000000000000:root",
              "caller_identity_account_id": "000000000000",
              "caller_identity_user_id": "AKIAIOSFODNN7EXAMPLE",
              "canonical_user_id": "75aa57f09aa0c8caeab4f8c24e99d10f8e7faeebf76c078efc7c6caea54ba06a",
              "organization": "insect",
              "region": "us-east-1",
              "workspace": "default"
            },
            "unique_id": "AROAQAAAAAAAG34YVOBGV"
          },
          "sensitive_attributes": [],
          "identity_schema_version": 0,
          "identity": {
            "account_id": "000000000000",
            "name": "sfn-state-machine-rekognition"
          },
          "private": "bnVsbA==",
          "dependencies": [
            "data.aws_caller_identity.main",
            "data.aws_canonical_user_id.main",
            "data.aws_iam_policy_document.assume_role_sfn_state_machine_rekognition",
            "data.aws_region.main",
            "random_pet.organization"
          ]
        }
      ]
    },
    {
      "mode": "managed",
      "type": "aws_iam_role",
      "name": "sfn_state_machine_rekognition_detect_faces",
      "provider": "provider[\"registry.terraform.io/hashicorp/aws\"]",
      "instances": [
        {
          "schema_version": 0,
          "attributes": {
            "arn": "arn:aws:iam::000000000000:role/insect/sfn-state-machine-rekognition-detect-faces",
            "assume_role_policy": "{\"Statement\":[{\"Action\":\"sts:AssumeRole\",\"Effect\":\"Allow\",\"Principal\":{\"Service\":\"states.amazonaws.com\"}}],\"Version\":\"2012-10-17\"}",
            "create_date": "2026-01-27T12:19:37Z",
            "description": "",
            "force_detach_policies": false,
            "id": "sfn-state-machine-rekognition-detect-faces",
            "inline_policy": [],
            "managed_policy_arns": [],
            "max_session_duration": 3600,
            "name": "sfn-state-machine-rekognition-detect-faces",
            "name_prefix": "",
            "path": "/insect/",
            "permissions_boundary": "",
            "tags": {
              "caller_identity_account_arn": "arn:aws:iam::000000000000:root",
              "caller_identity_account_id": "000000000000",
              "caller_identity_user_id": "AKIAIOSFODNN7EXAMPLE",
              "canonical_user_id": "75aa57f09aa0c8caeab4f8c24e99d10f8e7faeebf76c078efc7c6caea54ba06a",
              "organization": "insect",
              "region": "us-east-1",
              "workspace": "default"
            },
            "tags_all": {
              "caller_identity_account_arn": "arn:aws:iam::000000000000:root",
              "caller_identity_account_id": "000000000000",
              "caller_identity_user_id": "AKIAIOSFODNN7EXAMPLE",
              "canonical_user_id": "75aa57f09aa0c8caeab4f8c24e99d10f8e7faeebf76c078efc7c6caea54ba06a",
              "organization": "insect",
              "region": "us-east-1",
              "workspace": "default"
            },
            "unique_id": "AROAQAAAAAAAPXQM6IZTU"
          },
          "sensitive_attributes": [],
          "identity_schema_version": 0,
          "identity": {
            "account_id": "000000000000",
            "name": "sfn-state-machine-rekognition-detect-faces"
          },
          "private": "bnVsbA==",
          "dependencies": [
            "data.aws_caller_identity.main",
            "data.aws_canonical_user_id.main",
            "data.aws_iam_policy_document.assume_role_sfn_state_machine_rekognition_detect_faces",
            "data.aws_region.main",
            "random_pet.organization"
          ]
        }
      ]
    },
    {
      "mode": "managed",
      "type": "aws_iam_role",
      "name": "sfn_state_machine_rekognition_detect_labels",
      "provider": "provider[\"registry.terraform.io/hashicorp/aws\"]",
      "instances": [
        {
          "schema_version": 0,
          "attributes": {
            "arn": "arn:aws:iam::000000000000:role/insect/sfn-state-machine-rekognition-detect-labels",
            "assume_role_policy": "{\"Statement\":[{\"Action\":\"sts:AssumeRole\",\"Effect\":\"Allow\",\"Principal\":{\"Service\":\"states.amazonaws.com\"}}],\"Version\":\"2012-10-17\"}",
            "create_date": "2026-01-27T12:19:37Z",
            "description": "",
            "force_detach_policies": false,
            "id": "sfn-state-machine-rekognition-detect-labels",
            "inline_policy": [],
            "managed_policy_arns": [],
            "max_session_duration": 3600,
            "name": "sfn-state-machine-rekognition-detect-labels",
            "name_prefix": "",
            "path": "/insect/",
            "permissions_boundary": "",
            "tags": {
              "caller_identity_account_arn": "arn:aws:iam::000000000000:root",
              "caller_identity_account_id": "000000000000",
              "caller_identity_user_id": "AKIAIOSFODNN7EXAMPLE",
              "canonical_user_id": "75aa57f09aa0c8caeab4f8c24e99d10f8e7faeebf76c078efc7c6caea54ba06a",
              "organization": "insect",
              "region": "us-east-1",
              "workspace": "default"
            },
            "tags_all": {
              "caller_identity_account_arn": "arn:aws:iam::000000000000:root",
              "caller_identity_account_id": "000000000000",
              "caller_identity_user_id": "AKIAIOSFODNN7EXAMPLE",
              "canonical_user_id": "75aa57f09aa0c8caeab4f8c24e99d10f8e7faeebf76c078efc7c6caea54ba06a",
              "organization": "insect",
              "region": "us-east-1",
              "workspace": "default"
            },
            "unique_id": "AROAQAAAAAAAMFVRVOEO5"
          },
          "sensitive_attributes": [],
          "identity_schema_version": 0,
          "identity": {
            "account_id": "000000000000",
            "name": "sfn-state-machine-rekognition-detect-labels"
          },
          "private": "bnVsbA==",
          "dependencies": [
            "data.aws_caller_identity.main",
            "data.aws_canonical_user_id.main",
            "data.aws_iam_policy_document.assume_role_sfn_state_machine_rekognition_detect_labels",
            "data.aws_region.main",
            "random_pet.organization"
          ]
        }
      ]
    },
    {
      "mode": "managed",
      "type": "aws_iam_role",
      "name": "sfn_state_machine_rekognition_detect_moderation_labels",
      "provider": "provider[\"registry.terraform.io/hashicorp/aws\"]",
      "instances": [
        {
          "schema_version": 0,
          "attributes": {
            "arn": "arn:aws:iam::000000000000:role/insect/sfn-state-machine-rekognition-detect-moderation-labels",
            "assume_role_policy": "{\"Statement\":[{\"Action\":\"sts:AssumeRole\",\"Effect\":\"Allow\",\"Principal\":{\"Service\":\"states.amazonaws.com\"}}],\"Version\":\"2012-10-17\"}",
            "create_date": "2026-01-27T12:19:37Z",
            "description": "",
            "force_detach_policies": false,
            "id": "sfn-state-machine-rekognition-detect-moderation-labels",
            "inline_policy": [],
            "managed_policy_arns": [],
            "max_session_duration": 3600,
            "name": "sfn-state-machine-rekognition-detect-moderation-labels",
            "name_prefix": "",
            "path": "/insect/",
            "permissions_boundary": "",
            "tags": {
              "caller_identity_account_arn": "arn:aws:iam::000000000000:root",
              "caller_identity_account_id": "000000000000",
              "caller_identity_user_id": "AKIAIOSFODNN7EXAMPLE",
              "canonical_user_id": "75aa57f09aa0c8caeab4f8c24e99d10f8e7faeebf76c078efc7c6caea54ba06a",
              "organization": "insect",
              "region": "us-east-1",
              "workspace": "default"
            },
            "tags_all": {
              "caller_identity_account_arn": "arn:aws:iam::000000000000:root",
              "caller_identity_account_id": "000000000000",
              "caller_identity_user_id": "AKIAIOSFODNN7EXAMPLE",
              "canonical_user_id": "75aa57f09aa0c8caeab4f8c24e99d10f8e7faeebf76c078efc7c6caea54ba06a",
              "organization": "insect",
              "region": "us-east-1",
              "workspace": "default"
            },
            "unique_id": "AROAQAAAAAAAE5EMAOXJQ"
          },
          "sensitive_attributes": [],
          "identity_schema_version": 0,
          "identity": {
            "account_id": "000000000000",
            "name": "sfn-state-machine-rekognition-detect-moderation-labels"
          },
          "private": "bnVsbA==",
          "dependencies": [
            "data.aws_caller_identity.main",
            "data.aws_canonical_user_id.main",
            "data.aws_iam_policy_document.assume_role_sfn_state_machine_rekognition_detect_moderation_labels",
            "data.aws_region.main",
            "random_pet.organization"
          ]
        }
      ]
    },
    {
      "mode": "managed",
      "type": "aws_iam_role",
      "name": "sfn_state_machine_rekognition_detect_protective_equipment",
      "provider": "provider[\"registry.terraform.io/hashicorp/aws\"]",
      "instances": [
        {
          "schema_version": 0,
          "attributes": {
            "arn": "arn:aws:iam::000000000000:role/insect/sfn-state-machine-rekognition-detect-protective-equipment",
            "assume_role_policy": "{\"Statement\":[{\"Action\":\"sts:AssumeRole\",\"Effect\":\"Allow\",\"Principal\":{\"Service\":\"states.amazonaws.com\"}}],\"Version\":\"2012-10-17\"}",
            "create_date": "2026-01-27T12:19:37Z",
            "description": "",
            "force_detach_policies": false,
            "id": "sfn-state-machine-rekognition-detect-protective-equipment",
            "inline_policy": [],
            "managed_policy_arns": [],
            "max_session_duration": 3600,
            "name": "sfn-state-machine-rekognition-detect-protective-equipment",
            "name_prefix": "",
            "path": "/insect/",
            "permissions_boundary": "",
            "tags": {
              "caller_identity_account_arn": "arn:aws:iam::000000000000:root",
              "caller_identity_account_id": "000000000000",
              "caller_identity_user_id": "AKIAIOSFODNN7EXAMPLE",
              "canonical_user_id": "75aa57f09aa0c8caeab4f8c24e99d10f8e7faeebf76c078efc7c6caea54ba06a",
              "organization": "insect",
              "region": "us-east-1",
              "workspace": "default"
            },
            "tags_all": {
              "caller_identity_account_arn": "arn:aws:iam::000000000000:root",
              "caller_identity_account_id": "000000000000",
              "caller_identity_user_id": "AKIAIOSFODNN7EXAMPLE",
              "canonical_user_id": "75aa57f09aa0c8caeab4f8c24e99d10f8e7faeebf76c078efc7c6caea54ba06a",
              "organization": "insect",
              "region": "us-east-1",
              "workspace": "default"
            },
            "unique_id": "AROAQAAAAAAAIBN46WETL"
          },
          "sensitive_attributes": [],
          "identity_schema_version": 0,
          "identity": {
            "account_id": "000000000000",
            "name": "sfn-state-machine-rekognition-detect-protective-equipment"
          },
          "private": "bnVsbA==",
          "dependencies": [
            "data.aws_caller_identity.main",
            "data.aws_canonical_user_id.main",
            "data.aws_iam_policy_document.assume_role_sfn_state_machine_rekognition_detect_protective_equipment",
            "data.aws_region.main",
            "random_pet.organization"
          ]
        }
      ]
    },
    {
      "mode": "managed",
      "type": "aws_iam_role",
      "name": "sfn_state_machine_rekognition_detect_text",
      "provider": "provider[\"registry.terraform.io/hashicorp/aws\"]",
      "instances": [
        {
          "schema_version": 0,
          "attributes": {
            "arn": "arn:aws:iam::000000000000:role/insect/sfn-state-machine-rekognition-detect-text",
            "assume_role_policy": "{\"Statement\":[{\"Action\":\"sts:AssumeRole\",\"Effect\":\"Allow\",\"Principal\":{\"Service\":\"states.amazonaws.com\"}}],\"Version\":\"2012-10-17\"}",
            "create_date": "2026-01-27T12:19:37Z",
            "description": "",
            "force_detach_policies": false,
            "id": "sfn-state-machine-rekognition-detect-text",
            "inline_policy": [],
            "managed_policy_arns": [],
            "max_session_duration": 3600,
            "name": "sfn-state-machine-rekognition-detect-text",
            "name_prefix": "",
            "path": "/insect/",
            "permissions_boundary": "",
            "tags": {
              "caller_identity_account_arn": "arn:aws:iam::000000000000:root",
              "caller_identity_account_id": "000000000000",
              "caller_identity_user_id": "AKIAIOSFODNN7EXAMPLE",
              "canonical_user_id": "75aa57f09aa0c8caeab4f8c24e99d10f8e7faeebf76c078efc7c6caea54ba06a",
              "organization": "insect",
              "region": "us-east-1",
              "workspace": "default"
            },
            "tags_all": {
              "caller_identity_account_arn": "arn:aws:iam::000000000000:root",
              "caller_identity_account_id": "000000000000",
              "caller_identity_user_id": "AKIAIOSFODNN7EXAMPLE",
              "canonical_user_id": "75aa57f09aa0c8caeab4f8c24e99d10f8e7faeebf76c078efc7c6caea54ba06a",
              "organization": "insect",
              "region": "us-east-1",
              "workspace": "default"
            },
            "unique_id": "AROAQAAAAAAAONBGCKQTN"
          },
          "sensitive_attributes": [],
          "identity_schema_version": 0,
          "identity": {
            "account_id": "000000000000",
            "name": "sfn-state-machine-rekognition-detect-text"
          },
          "private": "bnVsbA==",
          "dependencies": [
            "data.aws_caller_identity.main",
            "data.aws_canonical_user_id.main",
            "data.aws_iam_policy_document.assume_role_sfn_state_machine_rekognition_detect_text",
            "data.aws_region.main",
            "random_pet.organization"
          ]
        }
      ]
    },
    {
      "mode": "managed",
      "type": "aws_s3_bucket",
      "name": "main",
      "provider": "provider[\"registry.terraform.io/hashicorp/aws\"]",
      "instances": []
    },
    {
      "mode": "managed",
      "type": "random_pet",
      "name": "organization",
      "provider": "provider[\"registry.terraform.io/hashicorp/random\"]",
      "instances": [
        {
          "schema_version": 0,
          "attributes": {
            "id": "insect",
            "keepers": null,
            "length": 1,
            "prefix": null,
            "separator": "-"
          },
          "sensitive_attributes": [],
          "identity_schema_version": 0
        }
      ]
    }
  ],
  "check_results": null
}
