{
  "version": 4,
  "terraform_version": "1.13.5",
  "serial": 10,
  "lineage": "ce6f962a-981c-4053-a4fe-af24326c787b",
  "outputs": {
    "iterator_lambda_arn": {
      "value": "arn:aws:lambda:us-east-1:000000000000:function:high-frequency-lambda-iterator",
      "type": "string"
    },
    "iterator_lambda_name": {
      "value": "high-frequency-lambda-iterator",
      "type": "string"
    },
    "state_machine_arn": {
      "value": "arn:aws:states:us-east-1:000000000000:stateMachine:high-frequency-lambda-iterator",
      "type": "string"
    }
  },
  "resources": [
    {
      "mode": "data",
      "type": "archive_file",
      "name": "iterator_zip",
      "provider": "provider[\"registry.terraform.io/hashicorp/archive\"]",
      "instances": [
        {
          "schema_version": 0,
          "attributes": {
            "exclude_symlink_directories": null,
            "excludes": null,
            "id": "bf35229a12f290eeb397c7c562827f660d89ec37",
            "output_base64sha256": "xTHUAQtztHRT9iBt7gnOSRzc2Lqr2vheZETudBgyELM=",
            "output_base64sha512": "chcGMxkHPmbx+vVqA7+cI0rSy3TSgYAVLgaqTaepB1n++20Q0pyXWzjgQwaIIf1OKL/tpKFrQD5OlAOKMipHtQ==",
            "output_file_mode": null,
            "output_md5": "d2c86c57eedf7e34034e629b6aa6eea3",
            "output_path": "./lambda.zip",
            "output_sha": "bf35229a12f290eeb397c7c562827f660d89ec37",
            "output_sha256": "c531d4010b73b47453f6206dee09ce491cdcd8baabdaf85e6444ee74183210b3",
            "output_sha512": "7217063319073e66f1faf56a03bf9c234ad2cb74d28180152e06aa4da7a90759fefb6d10d29c975b38e043068821fd4e28bfeda4a16b403e4e94038a322a47b5",
            "output_size": 488,
            "source": [],
            "source_content": null,
            "source_content_filename": null,
            "source_dir": "./lambda",
            "source_file": null,
            "type": "zip"
          },
          "sensitive_attributes": [],
          "identity_schema_version": 0
        }
      ]
    },
    {
      "mode": "data",
      "type": "aws_caller_identity",
      "name": "current",
      "provider": "provider[\"registry.terraform.io/hashicorp/aws\"]",
      "instances": [
        {
          "schema_version": 0,
          "attributes": {
            "account_id": "000000000000",
            "arn": "arn:aws:iam::000000000000:root",
            "id": "000000000000",
            "user_id": "AKIAIOSFODNN7EXAMPLE"
          },
          "sensitive_attributes": [],
          "identity_schema_version": 0
        }
      ]
    },
    {
      "mode": "data",
      "type": "aws_partition",
      "name": "current",
      "provider": "provider[\"registry.terraform.io/hashicorp/aws\"]",
      "instances": [
        {
          "schema_version": 0,
          "attributes": {
            "dns_suffix": "amazonaws.com",
            "id": "aws",
            "partition": "aws",
            "reverse_dns_prefix": "com.amazonaws"
          },
          "sensitive_attributes": [],
          "identity_schema_version": 0
        }
      ]
    },
    {
      "mode": "data",
      "type": "aws_region",
      "name": "current",
      "provider": "provider[\"registry.terraform.io/hashicorp/aws\"]",
      "instances": [
        {
          "schema_version": 0,
          "attributes": {
            "description": "US East (N. Virginia)",
            "endpoint": "ec2.us-east-1.amazonaws.com",
            "id": "us-east-1",
            "name": "us-east-1"
          },
          "sensitive_attributes": [],
          "identity_schema_version": 0
        }
      ]
    },
    {
      "mode": "managed",
      "type": "aws_cloudwatch_log_group",
      "name": "iterator",
      "provider": "provider[\"registry.terraform.io/hashicorp/aws\"]",
      "instances": [
        {
          "schema_version": 0,
          "attributes": {
            "arn": "arn:aws:logs:us-east-1:000000000000:log-group:/aws/lambda/high-frequency-lambda-iterator",
            "id": "/aws/lambda/high-frequency-lambda-iterator",
            "kms_key_id": "",
            "log_group_class": "",
            "name": "/aws/lambda/high-frequency-lambda-iterator",
            "name_prefix": "",
            "retention_in_days": 14,
            "skip_destroy": false,
            "tags": null,
            "tags_all": {
              "Managed": "terraform",
              "Project": "high-frequency-lambda"
            }
          },
          "sensitive_attributes": [],
          "identity_schema_version": 0,
          "private": "bnVsbA==",
          "dependencies": [
            "aws_iam_role.iterator_lambda_role",
            "aws_lambda_function.iterator",
            "data.archive_file.iterator_zip",
            "local_file.iterator_source"
          ]
        }
      ]
    },
    {
      "mode": "managed",
      "type": "aws_iam_role",
      "name": "iterator_lambda_role",
      "provider": "provider[\"registry.terraform.io/hashicorp/aws\"]",
      "instances": [
        {
          "schema_version": 0,
          "attributes": {
            "arn": "arn:aws:iam::000000000000:role/high-frequency-lambda-iterator-lambda-role",
            "assume_role_policy": "{\"Statement\":[{\"Action\":\"sts:AssumeRole\",\"Effect\":\"Allow\",\"Principal\":{\"Service\":\"lambda.amazonaws.com\"}}],\"Version\":\"2012-10-17\"}",
            "create_date": "2026-01-26T20:25:21Z",
            "description": "",
            "force_detach_policies": false,
            "id": "high-frequency-lambda-iterator-lambda-role",
            "inline_policy": [],
            "managed_policy_arns": [],
            "max_session_duration": 3600,
            "name": "high-frequency-lambda-iterator-lambda-role",
            "name_prefix": "",
            "path": "/",
            "permissions_boundary": "",
            "tags": null,
            "tags_all": {
              "Managed": "terraform",
              "Project": "high-frequency-lambda"
            },
            "unique_id": "AROAQAAAAAAAGCEYJSIBP"
          },
          "sensitive_attributes": [],
          "identity_schema_version": 0,
          "private": "bnVsbA=="
        }
      ]
    },
    {
      "mode": "managed",
      "type": "aws_iam_role",
      "name": "sfn_role",
      "provider": "provider[\"registry.terraform.io/hashicorp/aws\"]",
      "instances": [
        {
          "schema_version": 0,
          "attributes": {
            "arn": "arn:aws:iam::000000000000:role/high-frequency-lambda-sfn-role",
            "assume_role_policy": "{\"Statement\":[{\"Action\":\"sts:AssumeRole\",\"Effect\":\"Allow\",\"Principal\":{\"Service\":\"states.amazonaws.com\"}}],\"Version\":\"2012-10-17\"}",
            "create_date": "2026-01-26T20:25:21Z",
            "description": "",
            "force_detach_policies": false,
            "id": "high-frequency-lambda-sfn-role",
            "inline_policy": [],
            "managed_policy_arns": [],
            "max_session_duration": 3600,
            "name": "high-frequency-lambda-sfn-role",
            "name_prefix": "",
            "path": "/",
            "permissions_boundary": "",
            "tags": null,
            "tags_all": {
              "Managed": "terraform",
              "Project": "high-frequency-lambda"
            },
            "unique_id": "AROAQAAAAAAAGN5FXJ5OI"
          },
          "sensitive_attributes": [],
          "identity_schema_version": 0,
          "private": "bnVsbA=="
        }
      ]
    },
    {
      "mode": "managed",
      "type": "aws_iam_role_policy",
      "name": "iterator_lambda_policy",
      "provider": "provider[\"registry.terraform.io/hashicorp/aws\"]",
      "instances": [
        {
          "schema_version": 0,
          "attributes": {
            "id": "high-frequency-lambda-iterator-lambda-role:high-frequency-lambda-iterator-lambda-policy",
            "name": "high-frequency-lambda-iterator-lambda-policy",
            "name_prefix": "",
            "policy": "{\"Version\":\"2012-10-17\",\"Statement\":[{\"Action\":[\"lambda:InvokeFunction\"],\"Effect\":\"Allow\",\"Resource\":[\"arn:aws:lambda:us-east-1:000000000000:ai-basis-tf\"],\"Sid\":\"AllowInvokeTargetLambda\"},{\"Action\":[\"logs:CreateLogGroup\",\"logs:CreateLogStream\",\"logs:PutLogEvents\"],\"Effect\":\"Allow\",\"Resource\":\"*\",\"Sid\":\"AllowCloudWatchLogs\"}]}",
            "role": "high-frequency-lambda-iterator-lambda-role"
          },
          "sensitive_attributes": [],
          "identity_schema_version": 0,
          "private": "bnVsbA==",
          "dependencies": [
            "aws_iam_role.iterator_lambda_role"
          ]
        }
      ]
    },
    {
      "mode": "managed",
      "type": "aws_iam_role_policy",
      "name": "sfn_policy",
      "provider": "provider[\"registry.terraform.io/hashicorp/aws\"]",
      "instances": [
        {
          "schema_version": 0,
          "attributes": {
            "id": "high-frequency-lambda-sfn-role:high-frequency-lambda-sfn-policy",
            "name": "high-frequency-lambda-sfn-policy",
            "name_prefix": "",
            "policy": "{\"Version\":\"2012-10-17\",\"Statement\":[{\"Action\":[\"lambda:InvokeFunction\"],\"Effect\":\"Allow\",\"Resource\":[\"arn:aws:lambda:us-east-1:000000000000:function:high-frequency-lambda-iterator\"],\"Sid\":\"AllowInvokeIteratorLambda\"}]}",
            "role": "high-frequency-lambda-sfn-role"
          },
          "sensitive_attributes": [],
          "identity_schema_version": 0,
          "private": "bnVsbA==",
          "dependencies": [
            "aws_iam_role.iterator_lambda_role",
            "aws_iam_role.sfn_role",
            "aws_lambda_function.iterator",
            "data.archive_file.iterator_zip",
            "local_file.iterator_source"
          ]
        }
      ]
    },
    {
      "mode": "managed",
      "type": "aws_lambda_function",
      "name": "iterator",
      "provider": "provider[\"registry.terraform.io/hashicorp/aws\"]",
      "instances": [
        {
          "schema_version": 0,
          "attributes": {
            "architectures": [
              "x86_64"
            ],
            "arn": "arn:aws:lambda:us-east-1:000000000000:function:high-frequency-lambda-iterator",
            "code_sha256": "xTHUAQtztHRT9iBt7gnOSRzc2Lqr2vheZETudBgyELM=",
            "code_signing_config_arn": "",
            "dead_letter_config": [],
            "description": "",
            "environment": [
              {
                "variables": {
                  "REGION": "us-east-1",
                  "TARGET_LAMBDA_ARN": "arn:aws:lambda:us-east-1:000000000000:ai-basis-tf"
                }
              }
            ],
            "ephemeral_storage": [
              {
                "size": 512
              }
            ],
            "file_system_config": [],
            "filename": "./lambda.zip",
            "function_name": "high-frequency-lambda-iterator",
            "handler": "index.handler",
            "id": "high-frequency-lambda-iterator",
            "image_config": [],
            "image_uri": "",
            "invoke_arn": "arn:aws:apigateway:us-east-1:lambda:path/2015-03-31/functions/arn:aws:lambda:us-east-1:000000000000:function:high-frequency-lambda-iterator/invocations",
            "kms_key_arn": "",
            "last_modified": "2026-01-26T20:25:21.841870+0000",
            "layers": null,
            "logging_config": [
              {
                "application_log_level": "",
                "log_format": "Text",
                "log_group": "/aws/lambda/high-frequency-lambda-iterator",
                "system_log_level": ""
              }
            ],
            "memory_size": 128,
            "package_type": "Zip",
            "publish": false,
            "qualified_arn": "arn:aws:lambda:us-east-1:000000000000:function:high-frequency-lambda-iterator:$LATEST",
            "qualified_invoke_arn": "arn:aws:apigateway:us-east-1:lambda:path/2015-03-31/functions/arn:aws:lambda:us-east-1:000000000000:function:high-frequency-lambda-iterator:$LATEST/invocations",
            "replace_security_groups_on_destroy": null,
            "replacement_security_group_ids": null,
            "reserved_concurrent_executions": -1,
            "role": "arn:aws:iam::000000000000:role/high-frequency-lambda-iterator-lambda-role",
            "runtime": "nodejs20.x",
            "s3_bucket": null,
            "s3_key": null,
            "s3_object_version": null,
            "signing_job_arn": "",
            "signing_profile_version_arn": "",
            "skip_destroy": false,
            "snap_start": [],
            "source_code_hash": "xTHUAQtztHRT9iBt7gnOSRzc2Lqr2vheZETudBgyELM=",
            "source_code_size": 488,
            "tags": null,
            "tags_all": {
              "Managed": "terraform",
              "Project": "high-frequency-lambda"
            },
            "timeout": 30,
            "timeouts": null,
            "tracing_config": [
              {
                "mode": "PassThrough"
              }
            ],
            "version": "$LATEST",
            "vpc_config": []
          },
          "sensitive_attributes": [],
          "identity_schema_version": 0,
          "private": "eyJlMmJmYjczMC1lY2FhLTExZTYtOGY4OC0zNDM2M2JjN2M0YzAiOnsiY3JlYXRlIjo2MDAwMDAwMDAwMDAsImRlbGV0ZSI6NjAwMDAwMDAwMDAwLCJ1cGRhdGUiOjYwMDAwMDAwMDAwMH19",
          "dependencies": [
            "aws_iam_role.iterator_lambda_role",
            "data.archive_file.iterator_zip",
            "local_file.iterator_source"
          ]
        }
      ]
    },
    {
      "mode": "managed",
      "type": "aws_sfn_state_machine",
      "name": "iterator",
      "provider": "provider[\"registry.terraform.io/hashicorp/aws\"]",
      "instances": [
        {
          "schema_version": 0,
          "attributes": {
            "arn": "arn:aws:states:us-east-1:000000000000:stateMachine:high-frequency-lambda-iterator",
            "creation_date": "2026-01-26T20:25:27Z",
            "definition": "{\"Comment\":\"Invoke Lambda every 10 seconds\",\"StartAt\":\"ConfigureCount\",\"States\":{\"ConfigureCount\":{\"Next\":\"Iterator\",\"Result\":{\"count\":6,\"index\":0},\"ResultPath\":\"$.iterator\",\"Type\":\"Pass\"},\"Done\":{\"End\":true,\"Type\":\"Pass\"},\"IsCountReached\":{\"Choices\":[{\"BooleanEquals\":true,\"Next\":\"Wait\",\"Variable\":\"$.iterator.continue\"}],\"Default\":\"Done\",\"Type\":\"Choice\"},\"Iterator\":{\"Next\":\"IsCountReached\",\"Resource\":\"arn:aws:lambda:us-east-1:000000000000:function:high-frequency-lambda-iterator\",\"ResultPath\":\"$.iterator\",\"Type\":\"Task\"},\"Wait\":{\"Next\":\"Iterator\",\"Seconds\":10,\"Type\":\"Wait\"}}}",
            "description": "",
            "encryption_configuration": [],
            "id": "arn:aws:states:us-east-1:000000000000:stateMachine:high-frequency-lambda-iterator",
            "logging_configuration": [
              {
                "include_execution_data": false,
                "level": "OFF",
                "log_destination": ""
              }
            ],
            "name": "high-frequency-lambda-iterator",
            "name_prefix": "",
            "publish": false,
            "revision_id": "",
            "role_arn": "arn:aws:iam::000000000000:role/high-frequency-lambda-sfn-role",
            "state_machine_version_arn": "",
            "status": "ACTIVE",
            "tags": null,
            "tags_all": {
              "Managed": "terraform",
              "Project": "high-frequency-lambda"
            },
            "timeouts": null,
            "tracing_configuration": [],
            "type": "STANDARD",
            "version_description": null
          },
          "sensitive_attributes": [],
          "identity_schema_version": 0,
          "private": "eyJlMmJmYjczMC1lY2FhLTExZTYtOGY4OC0zNDM2M2JjN2M0YzAiOnsiY3JlYXRlIjozMDAwMDAwMDAwMDAsImRlbGV0ZSI6MzAwMDAwMDAwMDAwLCJ1cGRhdGUiOjYwMDAwMDAwMDAwfX0=",
          "dependencies": [
            "aws_iam_role.iterator_lambda_role",
            "aws_iam_role.sfn_role",
            "aws_lambda_function.iterator",
            "data.archive_file.iterator_zip",
            "local_file.iterator_source"
          ]
        }
      ]
    },
    {
      "mode": "managed",
      "type": "local_file",
      "name": "iterator_source",
      "provider": "provider[\"registry.terraform.io/hashicorp/local\"]",
      "instances": [
        {
          "schema_version": 0,
          "attributes": {
            "content": "import { LambdaClient, InvokeCommand } from \"@aws-sdk/client-lambda\";\n\nexport const handler = async (event) =\u003e {\n  const iterator = event?.iterator ?? { index: 0, count: 0 };\n  const index = (iterator.index ?? 0) + 1;\n  const count = iterator.count ?? 0;\n\n  const region = process.env.REGION;\n  const fnArn = process.env.TARGET_LAMBDA_ARN;\n  if (!region) throw new Error(\"REGION missing\");\n  if (!fnArn) throw new Error(\"TARGET_LAMBDA_ARN missing\");\n\n  const client = new LambdaClient({ region });\n  await client.send(new InvokeCommand({\n    FunctionName: fnArn,\n    InvocationType: \"Event\"\n  }));\n\n  return {\n    index,\n    count,\n    continue: index \u003c count\n  };\n};\n",
            "content_base64": null,
            "content_base64sha256": "B0/4qI5bq0uXbF/RQr7zKCUvG8TJufGnaXxzY4PxJ5Q=",
            "content_base64sha512": "yKHLT89xHvoPR+QlllnSH+pMtQD//L2YhRZpFthD3YYuXMizVyExXo16Usuner8LU9C6fXMT8+Euwon1b4vNbA==",
            "content_md5": "829d7313dd2ddabf75c98d70d93fea93",
            "content_sha1": "ff26195f8840bb105b9fae008683cb6f86f2bf69",
            "content_sha256": "074ff8a88e5bab4b976c5fd142bef328252f1bc4c9b9f1a7697c736383f12794",
            "content_sha512": "c8a1cb4fcf711efa0f47e4259659d21fea4cb500fffcbd9885166916d843dd862e5cc8b35721315e8d7a52cba77abf0b53d0ba7d7313f3e12ec289f56f8bcd6c",
            "directory_permission": "0777",
            "file_permission": "0777",
            "filename": "./lambda/index.mjs",
            "id": "ff26195f8840bb105b9fae008683cb6f86f2bf69",
            "sensitive_content": null,
            "source": null
          },
          "sensitive_attributes": [
            [
              {
                "type": "get_attr",
                "value": "sensitive_content"
              }
            ]
          ],
          "identity_schema_version": 0
        }
      ]
    }
  ],
  "check_results": null
}
