{"format_version":"1.2","terraform_version":"1.13.5","planned_values":{"root_module":{"resources":[{"address":"aws_instance.api_server","mode":"managed","type":"aws_instance","name":"api_server","provider_name":"registry.terraform.io/hashicorp/aws","schema_version":2,"values":{"ami":"ami-048e636f368eb3006","credit_specification":[],"force_destroy":false,"get_password_data":false,"hibernation":null,"instance_type":"t2.micro","launch_template":[],"region":"us-east-2","source_dest_check":true,"tags":{"Name":"API Server"},"tags_all":{"Name":"API Server"},"timeouts":null,"user_data":null,"user_data_replace_on_change":false,"volume_tags":null},"sensitive_values":{"capacity_reservation_specification":[],"cpu_options":[],"credit_specification":[],"ebs_block_device":[],"enclave_options":[],"ephemeral_block_device":[],"instance_market_options":[],"ipv6_addresses":[],"launch_template":[],"maintenance_options":[],"metadata_options":[],"network_interface":[],"primary_network_interface":[],"private_dns_name_options":[],"root_block_device":[],"secondary_private_ips":[],"security_groups":[],"tags":{},"tags_all":{},"vpc_security_group_ids":[]},"identity_schema_version":0,"identity":{"account_id":null,"id":null,"region":null}},{"address":"aws_internet_gateway.gw","mode":"managed","type":"aws_internet_gateway","name":"gw","provider_name":"registry.terraform.io/hashicorp/aws","schema_version":0,"values":{"region":"us-east-2","tags":{"Name":"Terraform_VPC_IGW"},"tags_all":{"Name":"Terraform_VPC_IGW"},"timeouts":null},"sensitive_values":{"tags":{},"tags_all":{}}},{"address":"aws_route_table.public_rt","mode":"managed","type":"aws_route_table","name":"public_rt","provider_name":"registry.terraform.io/hashicorp/aws","schema_version":0,"values":{"region":"us-east-2","route":[{"carrier_gateway_id":"","cidr_block":"0.0.0.0/0","core_network_arn":"","destination_prefix_list_id":"","egress_only_gateway_id":"","ipv6_cidr_block":"","local_gateway_id":"","nat_gateway_id":"","network_interface_id":"","transit_gateway_id":"","vpc_endpoint_id":"","vpc_peering_connection_id":""}],"tags":{"Name":"Terraform_Public_RT"},"tags_all":{"Name":"Terraform_Public_RT"},"timeouts":null},"sensitive_values":{"propagating_vgws":[],"route":[{}],"tags":{},"tags_all":{}},"identity_schema_version":0,"identity":{"account_id":null,"id":null,"region":null}},{"address":"aws_route_table_association.public_rta1","mode":"managed","type":"aws_route_table_association","name":"public_rta1","provider_name":"registry.terraform.io/hashicorp/aws","schema_version":0,"values":{"gateway_id":null,"region":"us-east-2","timeouts":null},"sensitive_values":{}},{"address":"aws_route_table_association.public_rta2","mode":"managed","type":"aws_route_table_association","name":"public_rta2","provider_name":"registry.terraform.io/hashicorp/aws","schema_version":0,"values":{"gateway_id":null,"region":"us-east-2","timeouts":null},"sensitive_values":{}},{"address":"aws_subnet.Subnet1","mode":"managed","type":"aws_subnet","name":"Subnet1","provider_name":"registry.terraform.io/hashicorp/aws","schema_version":1,"values":{"assign_ipv6_address_on_creation":false,"availability_zone":"us-east-2a","cidr_block":"10.0.1.0/24","customer_owned_ipv4_pool":null,"enable_dns64":false,"enable_lni_at_device_index":null,"enable_resource_name_dns_a_record_on_launch":false,"enable_resource_name_dns_aaaa_record_on_launch":false,"ipv6_cidr_block":null,"ipv6_native":false,"map_customer_owned_ip_on_launch":null,"map_public_ip_on_launch":false,"outpost_arn":null,"region":"us-east-2","tags":null,"timeouts":null},"sensitive_values":{"tags_all":{}},"identity_schema_version":0,"identity":{"account_id":null,"id":null,"region":null}},{"address":"aws_subnet.Subnet2","mode":"managed","type":"aws_subnet","name":"Subnet2","provider_name":"registry.terraform.io/hashicorp/aws","schema_version":1,"values":{"assign_ipv6_address_on_creation":false,"availability_zone":"us-east-2b","cidr_block":"10.0.2.0/24","customer_owned_ipv4_pool":null,"enable_dns64":false,"enable_lni_at_device_index":null,"enable_resource_name_dns_a_record_on_launch":false,"enable_resource_name_dns_aaaa_record_on_launch":false,"ipv6_cidr_block":null,"ipv6_native":false,"map_customer_owned_ip_on_launch":null,"map_public_ip_on_launch":false,"outpost_arn":null,"region":"us-east-2","tags":null,"timeouts":null},"sensitive_values":{"tags_all":{}},"identity_schema_version":0,"identity":{"account_id":null,"id":null,"region":null}},{"address":"aws_subnet.public_subnet1","mode":"managed","type":"aws_subnet","name":"public_subnet1","provider_name":"registry.terraform.io/hashicorp/aws","schema_version":1,"values":{"assign_ipv6_address_on_creation":false,"availability_zone":"us-east-2a","cidr_block":"10.0.3.0/24","customer_owned_ipv4_pool":null,"enable_dns64":false,"enable_lni_at_device_index":null,"enable_resource_name_dns_a_record_on_launch":false,"enable_resource_name_dns_aaaa_record_on_launch":false,"ipv6_cidr_block":null,"ipv6_native":false,"map_customer_owned_ip_on_launch":null,"map_public_ip_on_launch":true,"outpost_arn":null,"region":"us-east-2","tags":{"Name":"Terraform_Public_Subnet1"},"tags_all":{"Name":"Terraform_Public_Subnet1"},"timeouts":null},"sensitive_values":{"tags":{},"tags_all":{}},"identity_schema_version":0,"identity":{"account_id":null,"id":null,"region":null}},{"address":"aws_subnet.public_subnet2","mode":"managed","type":"aws_subnet","name":"public_subnet2","provider_name":"registry.terraform.io/hashicorp/aws","schema_version":1,"values":{"assign_ipv6_address_on_creation":false,"availability_zone":"us-east-2c","cidr_block":"10.0.4.0/24","customer_owned_ipv4_pool":null,"enable_dns64":false,"enable_lni_at_device_index":null,"enable_resource_name_dns_a_record_on_launch":false,"enable_resource_name_dns_aaaa_record_on_launch":false,"ipv6_cidr_block":null,"ipv6_native":false,"map_customer_owned_ip_on_launch":null,"map_public_ip_on_launch":true,"outpost_arn":null,"region":"us-east-2","tags":{"Name":"Terraform_Public_Subnet2"},"tags_all":{"Name":"Terraform_Public_Subnet2"},"timeouts":null},"sensitive_values":{"tags":{},"tags_all":{}},"identity_schema_version":0,"identity":{"account_id":null,"id":null,"region":null}},{"address":"aws_vpc.Terraform_VPC_1","mode":"managed","type":"aws_vpc","name":"Terraform_VPC_1","provider_name":"registry.terraform.io/hashicorp/aws","schema_version":1,"values":{"assign_generated_ipv6_cidr_block":null,"cidr_block":"10.0.0.0/16","enable_dns_support":true,"instance_tenancy":"default","ipv4_ipam_pool_id":null,"ipv4_netmask_length":null,"ipv6_ipam_pool_id":null,"ipv6_netmask_length":null,"region":"us-east-2","tags":{"name":"Terraform_VPC"},"tags_all":{"name":"Terraform_VPC"}},"sensitive_values":{"tags":{},"tags_all":{}},"identity_schema_version":0,"identity":{"account_id":null,"id":null,"region":null}}]}},"resource_changes":[{"address":"aws_instance.api_server","mode":"managed","type":"aws_instance","name":"api_server","provider_name":"registry.terraform.io/hashicorp/aws","change":{"actions":["create"],"before":null,"after":{"ami":"ami-048e636f368eb3006","credit_specification":[],"force_destroy":false,"get_password_data":false,"hibernation":null,"instance_type":"t2.micro","launch_template":[],"region":"us-east-2","source_dest_check":true,"tags":{"Name":"API Server"},"tags_all":{"Name":"API Server"},"timeouts":null,"user_data":null,"user_data_replace_on_change":false,"volume_tags":null},"after_unknown":{"arn":true,"associate_public_ip_address":true,"availability_zone":true,"capacity_reservation_specification":true,"cpu_options":true,"credit_specification":[],"disable_api_stop":true,"disable_api_termination":true,"ebs_block_device":true,"ebs_optimized":true,"enable_primary_ipv6":true,"enclave_options":true,"ephemeral_block_device":true,"host_id":true,"host_resource_group_arn":true,"iam_instance_profile":true,"id":true,"instance_initiated_shutdown_behavior":true,"instance_lifecycle":true,"instance_market_options":true,"instance_state":true,"ipv6_address_count":true,"ipv6_addresses":true,"key_name":true,"launch_template":[],"maintenance_options":true,"metadata_options":true,"monitoring":true,"network_interface":true,"outpost_arn":true,"password_data":true,"placement_group":true,"placement_group_id":true,"placement_partition_number":true,"primary_network_interface":true,"primary_network_interface_id":true,"private_dns":true,"private_dns_name_options":true,"private_ip":true,"public_dns":true,"public_ip":true,"root_block_device":true,"secondary_private_ips":true,"security_groups":true,"spot_instance_request_id":true,"subnet_id":true,"tags":{},"tags_all":{},"tenancy":true,"user_data_base64":true,"vpc_security_group_ids":true},"before_sensitive":false,"after_sensitive":{"capacity_reservation_specification":[],"cpu_options":[],"credit_specification":[],"ebs_block_device":[],"enclave_options":[],"ephemeral_block_device":[],"instance_market_options":[],"ipv6_addresses":[],"launch_template":[],"maintenance_options":[],"metadata_options":[],"network_interface":[],"primary_network_interface":[],"private_dns_name_options":[],"root_block_device":[],"secondary_private_ips":[],"security_groups":[],"tags":{},"tags_all":{},"vpc_security_group_ids":[]},"after_identity":{"account_id":null,"id":null,"region":null}}},{"address":"aws_internet_gateway.gw","mode":"managed","type":"aws_internet_gateway","name":"gw","provider_name":"registry.terraform.io/hashicorp/aws","change":{"actions":["create"],"before":null,"after":{"region":"us-east-2","tags":{"Name":"Terraform_VPC_IGW"},"tags_all":{"Name":"Terraform_VPC_IGW"},"timeouts":null},"after_unknown":{"arn":true,"id":true,"owner_id":true,"tags":{},"tags_all":{},"vpc_id":true},"before_sensitive":false,"after_sensitive":{"tags":{},"tags_all":{}}}},{"address":"aws_route_table.public_rt","mode":"managed","type":"aws_route_table","name":"public_rt","provider_name":"registry.terraform.io/hashicorp/aws","change":{"actions":["create"],"before":null,"after":{"region":"us-east-2","route":[{"carrier_gateway_id":"","cidr_block":"0.0.0.0/0","core_network_arn":"","destination_prefix_list_id":"","egress_only_gateway_id":"","ipv6_cidr_block":"","local_gateway_id":"","nat_gateway_id":"","network_interface_id":"","transit_gateway_id":"","vpc_endpoint_id":"","vpc_peering_connection_id":""}],"tags":{"Name":"Terraform_Public_RT"},"tags_all":{"Name":"Terraform_Public_RT"},"timeouts":null},"after_unknown":{"arn":true,"id":true,"owner_id":true,"propagating_vgws":true,"route":[{"gateway_id":true}],"tags":{},"tags_all":{},"vpc_id":true},"before_sensitive":false,"after_sensitive":{"propagating_vgws":[],"route":[{}],"tags":{},"tags_all":{}},"after_identity":{"account_id":null,"id":null,"region":null}}},{"address":"aws_route_table_association.public_rta1","mode":"managed","type":"aws_route_table_association","name":"public_rta1","provider_name":"registry.terraform.io/hashicorp/aws","change":{"actions":["create"],"before":null,"after":{"gateway_id":null,"region":"us-east-2","timeouts":null},"after_unknown":{"id":true,"route_table_id":true,"subnet_id":true},"before_sensitive":false,"after_sensitive":{}}},{"address":"aws_route_table_association.public_rta2","mode":"managed","type":"aws_route_table_association","name":"public_rta2","provider_name":"registry.terraform.io/hashicorp/aws","change":{"actions":["create"],"before":null,"after":{"gateway_id":null,"region":"us-east-2","timeouts":null},"after_unknown":{"id":true,"route_table_id":true,"subnet_id":true},"before_sensitive":false,"after_sensitive":{}}},{"address":"aws_subnet.Subnet1","mode":"managed","type":"aws_subnet","name":"Subnet1","provider_name":"registry.terraform.io/hashicorp/aws","change":{"actions":["create"],"before":null,"after":{"assign_ipv6_address_on_creation":false,"availability_zone":"us-east-2a","cidr_block":"10.0.1.0/24","customer_owned_ipv4_pool":null,"enable_dns64":false,"enable_lni_at_device_index":null,"enable_resource_name_dns_a_record_on_launch":false,"enable_resource_name_dns_aaaa_record_on_launch":false,"ipv6_cidr_block":null,"ipv6_native":false,"map_customer_owned_ip_on_launch":null,"map_public_ip_on_launch":false,"outpost_arn":null,"region":"us-east-2","tags":null,"timeouts":null},"after_unknown":{"arn":true,"availability_zone_id":true,"id":true,"ipv6_cidr_block_association_id":true,"owner_id":true,"private_dns_hostname_type_on_launch":true,"tags_all":true,"vpc_id":true},"before_sensitive":false,"after_sensitive":{"tags_all":{}},"after_identity":{"account_id":null,"id":null,"region":null}}},{"address":"aws_subnet.Subnet2","mode":"managed","type":"aws_subnet","name":"Subnet2","provider_name":"registry.terraform.io/hashicorp/aws","change":{"actions":["create"],"before":null,"after":{"assign_ipv6_address_on_creation":false,"availability_zone":"us-east-2b","cidr_block":"10.0.2.0/24","customer_owned_ipv4_pool":null,"enable_dns64":false,"enable_lni_at_device_index":null,"enable_resource_name_dns_a_record_on_launch":false,"enable_resource_name_dns_aaaa_record_on_launch":false,"ipv6_cidr_block":null,"ipv6_native":false,"map_customer_owned_ip_on_launch":null,"map_public_ip_on_launch":false,"outpost_arn":null,"region":"us-east-2","tags":null,"timeouts":null},"after_unknown":{"arn":true,"availability_zone_id":true,"id":true,"ipv6_cidr_block_association_id":true,"owner_id":true,"private_dns_hostname_type_on_launch":true,"tags_all":true,"vpc_id":true},"before_sensitive":false,"after_sensitive":{"tags_all":{}},"after_identity":{"account_id":null,"id":null,"region":null}}},{"address":"aws_subnet.public_subnet1","mode":"managed","type":"aws_subnet","name":"public_subnet1","provider_name":"registry.terraform.io/hashicorp/aws","change":{"actions":["create"],"before":null,"after":{"assign_ipv6_address_on_creation":false,"availability_zone":"us-east-2a","cidr_block":"10.0.3.0/24","customer_owned_ipv4_pool":null,"enable_dns64":false,"enable_lni_at_device_index":null,"enable_resource_name_dns_a_record_on_launch":false,"enable_resource_name_dns_aaaa_record_on_launch":false,"ipv6_cidr_block":null,"ipv6_native":false,"map_customer_owned_ip_on_launch":null,"map_public_ip_on_launch":true,"outpost_arn":null,"region":"us-east-2","tags":{"Name":"Terraform_Public_Subnet1"},"tags_all":{"Name":"Terraform_Public_Subnet1"},"timeouts":null},"after_unknown":{"arn":true,"availability_zone_id":true,"id":true,"ipv6_cidr_block_association_id":true,"owner_id":true,"private_dns_hostname_type_on_launch":true,"tags":{},"tags_all":{},"vpc_id":true},"before_sensitive":false,"after_sensitive":{"tags":{},"tags_all":{}},"after_identity":{"account_id":null,"id":null,"region":null}}},{"address":"aws_subnet.public_subnet2","mode":"managed","type":"aws_subnet","name":"public_subnet2","provider_name":"registry.terraform.io/hashicorp/aws","change":{"actions":["create"],"before":null,"after":{"assign_ipv6_address_on_creation":false,"availability_zone":"us-east-2c","cidr_block":"10.0.4.0/24","customer_owned_ipv4_pool":null,"enable_dns64":false,"enable_lni_at_device_index":null,"enable_resource_name_dns_a_record_on_launch":false,"enable_resource_name_dns_aaaa_record_on_launch":false,"ipv6_cidr_block":null,"ipv6_native":false,"map_customer_owned_ip_on_launch":null,"map_public_ip_on_launch":true,"outpost_arn":null,"region":"us-east-2","tags":{"Name":"Terraform_Public_Subnet2"},"tags_all":{"Name":"Terraform_Public_Subnet2"},"timeouts":null},"after_unknown":{"arn":true,"availability_zone_id":true,"id":true,"ipv6_cidr_block_association_id":true,"owner_id":true,"private_dns_hostname_type_on_launch":true,"tags":{},"tags_all":{},"vpc_id":true},"before_sensitive":false,"after_sensitive":{"tags":{},"tags_all":{}},"after_identity":{"account_id":null,"id":null,"region":null}}},{"address":"aws_vpc.Terraform_VPC_1","mode":"managed","type":"aws_vpc","name":"Terraform_VPC_1","provider_name":"registry.terraform.io/hashicorp/aws","change":{"actions":["create"],"before":null,"after":{"assign_generated_ipv6_cidr_block":null,"cidr_block":"10.0.0.0/16","enable_dns_support":true,"instance_tenancy":"default","ipv4_ipam_pool_id":null,"ipv4_netmask_length":null,"ipv6_ipam_pool_id":null,"ipv6_netmask_length":null,"region":"us-east-2","tags":{"name":"Terraform_VPC"},"tags_all":{"name":"Terraform_VPC"}},"after_unknown":{"arn":true,"default_network_acl_id":true,"default_route_table_id":true,"default_security_group_id":true,"dhcp_options_id":true,"enable_dns_hostnames":true,"enable_network_address_usage_metrics":true,"id":true,"ipv6_association_id":true,"ipv6_cidr_block":true,"ipv6_cidr_block_network_border_group":true,"main_route_table_id":true,"owner_id":true,"tags":{},"tags_all":{}},"before_sensitive":false,"after_sensitive":{"tags":{},"tags_all":{}},"after_identity":{"account_id":null,"id":null,"region":null}}}],"configuration":{"provider_config":{"archive":{"name":"archive","full_name":"registry.terraform.io/hashicorp/archive","version_constraint":"\u003e= 2.0.0"},"aws":{"name":"aws","full_name":"registry.terraform.io/hashicorp/aws","version_constraint":"~\u003e 6.27.0","expressions":{"region":{"constant_value":"us-east-2"}}}},"root_module":{"resources":[{"address":"aws_instance.api_server","mode":"managed","type":"aws_instance","name":"api_server","provider_config_key":"aws","expressions":{"ami":{"constant_value":"ami-048e636f368eb3006"},"instance_type":{"constant_value":"t2.micro"},"tags":{"constant_value":{"Name":"API Server"}}},"schema_version":2},{"address":"aws_internet_gateway.gw","mode":"managed","type":"aws_internet_gateway","name":"gw","provider_config_key":"aws","expressions":{"tags":{"constant_value":{"Name":"Terraform_VPC_IGW"}},"vpc_id":{"references":["aws_vpc.Terraform_VPC_1.id","aws_vpc.Terraform_VPC_1"]}},"schema_version":0},{"address":"aws_route_table.public_rt","mode":"managed","type":"aws_route_table","name":"public_rt","provider_config_key":"aws","expressions":{"route":{"references":["aws_internet_gateway.gw.id","aws_internet_gateway.gw"]},"tags":{"constant_value":{"Name":"Terraform_Public_RT"}},"vpc_id":{"references":["aws_vpc.Terraform_VPC_1.id","aws_vpc.Terraform_VPC_1"]}},"schema_version":0},{"address":"aws_route_table_association.public_rta1","mode":"managed","type":"aws_route_table_association","name":"public_rta1","provider_config_key":"aws","expressions":{"route_table_id":{"references":["aws_route_table.public_rt.id","aws_route_table.public_rt"]},"subnet_id":{"references":["aws_subnet.public_subnet1.id","aws_subnet.public_subnet1"]}},"schema_version":0},{"address":"aws_route_table_association.public_rta2","mode":"managed","type":"aws_route_table_association","name":"public_rta2","provider_config_key":"aws","expressions":{"route_table_id":{"references":["aws_route_table.public_rt.id","aws_route_table.public_rt"]},"subnet_id":{"references":["aws_subnet.public_subnet2.id","aws_subnet.public_subnet2"]}},"schema_version":0},{"address":"aws_subnet.Subnet1","mode":"managed","type":"aws_subnet","name":"Subnet1","provider_config_key":"aws","expressions":{"availability_zone":{"constant_value":"us-east-2a"},"cidr_block":{"constant_value":"10.0.1.0/24"},"vpc_id":{"references":["aws_vpc.Terraform_VPC_1.id","aws_vpc.Terraform_VPC_1"]}},"schema_version":1},{"address":"aws_subnet.Subnet2","mode":"managed","type":"aws_subnet","name":"Subnet2","provider_config_key":"aws","expressions":{"availability_zone":{"constant_value":"us-east-2b"},"cidr_block":{"constant_value":"10.0.2.0/24"},"vpc_id":{"references":["aws_vpc.Terraform_VPC_1.id","aws_vpc.Terraform_VPC_1"]}},"schema_version":1},{"address":"aws_subnet.public_subnet1","mode":"managed","type":"aws_subnet","name":"public_subnet1","provider_config_key":"aws","expressions":{"availability_zone":{"constant_value":"us-east-2a"},"cidr_block":{"constant_value":"10.0.3.0/24"},"map_public_ip_on_launch":{"constant_value":true},"tags":{"constant_value":{"Name":"Terraform_Public_Subnet1"}},"vpc_id":{"references":["aws_vpc.Terraform_VPC_1.id","aws_vpc.Terraform_VPC_1"]}},"schema_version":1},{"address":"aws_subnet.public_subnet2","mode":"managed","type":"aws_subnet","name":"public_subnet2","provider_config_key":"aws","expressions":{"availability_zone":{"constant_value":"us-east-2c"},"cidr_block":{"constant_value":"10.0.4.0/24"},"map_public_ip_on_launch":{"constant_value":true},"tags":{"constant_value":{"Name":"Terraform_Public_Subnet2"}},"vpc_id":{"references":["aws_vpc.Terraform_VPC_1.id","aws_vpc.Terraform_VPC_1"]}},"schema_version":1},{"address":"aws_vpc.Terraform_VPC_1","mode":"managed","type":"aws_vpc","name":"Terraform_VPC_1","provider_config_key":"aws","expressions":{"cidr_block":{"constant_value":"10.0.0.0/16"},"tags":{"constant_value":{"name":"Terraform_VPC"}}},"schema_version":1}]}},"relevant_attributes":[{"resource":"aws_internet_gateway.gw","attribute":["id"]},{"resource":"aws_vpc.Terraform_VPC_1","attribute":["id"]},{"resource":"aws_route_table.public_rt","attribute":["id"]},{"resource":"aws_subnet.public_subnet2","attribute":["id"]},{"resource":"aws_subnet.public_subnet1","attribute":["id"]}],"timestamp":"2026-01-23T12:58:11Z","applyable":true,"complete":true,"errored":false}
