data.http.ifconfig: Reading...
data.http.ifconfig: Read complete after 0s [id=https://ipv4.icanhazip.com/]
data.aws_ami.amazon-linux-image: Reading...
data.aws_ami.amazon-linux-image: Read complete after 4s [id=ami-04681a1dbd79675a5]

Terraform used the selected providers to generate the following execution
plan. Resource actions are indicated with the following symbols:
  + create

Terraform will perform the following actions:

  # aws_instance.my_net_ec2 will be created
  + resource "aws_instance" "my_net_ec2" {
      + ami                                  = "ami-04681a1dbd79675a5"
      + arn                                  = (known after apply)
      + associate_public_ip_address          = true
      + availability_zone                    = "ap-northeast-1a"
      + disable_api_stop                     = (known after apply)
      + disable_api_termination              = (known after apply)
      + ebs_optimized                        = (known after apply)
      + enable_primary_ipv6                  = (known after apply)
      + force_destroy                        = false
      + get_password_data                    = false
      + host_id                              = (known after apply)
      + host_resource_group_arn              = (known after apply)
      + iam_instance_profile                 = (known after apply)
      + id                                   = (known after apply)
      + instance_initiated_shutdown_behavior = (known after apply)
      + instance_lifecycle                   = (known after apply)
      + instance_state                       = (known after apply)
      + instance_type                        = "t2.micro"
      + ipv6_address_count                   = (known after apply)
      + ipv6_addresses                       = (known after apply)
      + key_name                             = "my-net-keypair"
      + monitoring                           = (known after apply)
      + outpost_arn                          = (known after apply)
      + password_data                        = (known after apply)
      + placement_group                      = (known after apply)
      + placement_group_id                   = (known after apply)
      + placement_partition_number           = (known after apply)
      + primary_network_interface_id         = (known after apply)
      + private_dns                          = (known after apply)
      + private_ip                           = (known after apply)
      + public_dns                           = (known after apply)
      + public_ip                            = (known after apply)
      + region                               = "us-east-1"
      + secondary_private_ips                = (known after apply)
      + security_groups                      = (known after apply)
      + source_dest_check                    = true
      + spot_instance_request_id             = (known after apply)
      + subnet_id                            = (known after apply)
      + tags                                 = {
          + "Name" = "my-net-ec2"
        }
      + tags_all                             = {
          + "Name" = "my-net-ec2"
        }
      + tenancy                              = (known after apply)
      + user_data                            = <<-EOT
            #! /bin/bash
            timedatectl set-timezone Asia/Tokyo
        EOT
      + user_data_base64                     = (known after apply)
      + user_data_replace_on_change          = false
      + vpc_security_group_ids               = (known after apply)

      + capacity_reservation_specification (known after apply)

      + cpu_options (known after apply)

      + ebs_block_device (known after apply)

      + enclave_options (known after apply)

      + ephemeral_block_device (known after apply)

      + instance_market_options (known after apply)

      + maintenance_options (known after apply)

      + metadata_options (known after apply)

      + network_interface (known after apply)

      + primary_network_interface (known after apply)

      + private_dns_name_options (known after apply)

      + root_block_device (known after apply)
    }

  # aws_internet_gateway.my_net_igw will be created
  + resource "aws_internet_gateway" "my_net_igw" {
      + arn      = (known after apply)
      + id       = (known after apply)
      + owner_id = (known after apply)
      + region   = "us-east-1"
      + tags     = {
          + "Name" = "my-net-igw"
        }
      + tags_all = {
          + "Name" = "my-net-igw"
        }
      + vpc_id   = (known after apply)
    }

  # aws_key_pair.my_net_keypair will be created
  + resource "aws_key_pair" "my_net_keypair" {
      + arn             = (known after apply)
      + fingerprint     = (known after apply)
      + id              = (known after apply)
      + key_name        = "my-net-keypair"
      + key_name_prefix = (known after apply)
      + key_pair_id     = (known after apply)
      + key_type        = (known after apply)
      + public_key      = (known after apply)
      + region          = "us-east-1"
      + tags_all        = (known after apply)
    }

  # aws_route_table.my_net_public_rt will be created
  + resource "aws_route_table" "my_net_public_rt" {
      + arn              = (known after apply)
      + id               = (known after apply)
      + owner_id         = (known after apply)
      + propagating_vgws = (known after apply)
      + region           = "us-east-1"
      + route            = [
          + {
              + cidr_block                 = "0.0.0.0/0"
              + gateway_id                 = (known after apply)
                # (11 unchanged attributes hidden)
            },
        ]
      + tags             = {
          + "Name" = "my-net-public-rt"
        }
      + tags_all         = {
          + "Name" = "my-net-public-rt"
        }
      + vpc_id           = (known after apply)
    }

  # aws_route_table_association.my_net_public_rt_associate will be created
  + resource "aws_route_table_association" "my_net_public_rt_associate" {
      + id             = (known after apply)
      + region         = "us-east-1"
      + route_table_id = (known after apply)
      + subnet_id      = (known after apply)
    }

  # aws_security_group.my_net_ec2_sg will be created
  + resource "aws_security_group" "my_net_ec2_sg" {
      + arn                    = (known after apply)
      + description            = "for squid server"
      + egress                 = [
          + {
              + cidr_blocks      = [
                  + "0.0.0.0/0",
                ]
              + from_port        = 0
              + ipv6_cidr_blocks = []
              + prefix_list_ids  = []
              + protocol         = "-1"
              + security_groups  = []
              + self             = false
              + to_port          = 0
                # (1 unchanged attribute hidden)
            },
        ]
      + id                     = (known after apply)
      + ingress                = [
          + {
              + cidr_blocks      = [
                  + "193.5.234.233/32",
                ]
              + from_port        = -1
              + ipv6_cidr_blocks = []
              + prefix_list_ids  = []
              + protocol         = "icmp"
              + security_groups  = []
              + self             = false
              + to_port          = -1
                # (1 unchanged attribute hidden)
            },
          + {
              + cidr_blocks      = [
                  + "193.5.234.233/32",
                ]
              + from_port        = 22
              + ipv6_cidr_blocks = []
              + prefix_list_ids  = []
              + protocol         = "tcp"
              + security_groups  = []
              + self             = false
              + to_port          = 22
                # (1 unchanged attribute hidden)
            },
          + {
              + cidr_blocks      = [
                  + "193.5.234.233/32",
                ]
              + from_port        = 3128
              + ipv6_cidr_blocks = []
              + prefix_list_ids  = []
              + protocol         = "tcp"
              + security_groups  = []
              + self             = false
              + to_port          = 3128
                # (1 unchanged attribute hidden)
            },
        ]
      + name                   = "my-net-ec2-sg"
      + name_prefix            = (known after apply)
      + owner_id               = (known after apply)
      + region                 = "us-east-1"
      + revoke_rules_on_delete = false
      + tags                   = {
          + "Name" = "my-net-ec2-sg"
        }
      + tags_all               = {
          + "Name" = "my-net-ec2-sg"
        }
      + vpc_id                 = (known after apply)
    }

  # aws_subnet.my_net_public_subnet will be created
  + resource "aws_subnet" "my_net_public_subnet" {
      + arn                                            = (known after apply)
      + assign_ipv6_address_on_creation                = false
      + availability_zone                              = "ap-northeast-1a"
      + availability_zone_id                           = (known after apply)
      + cidr_block                                     = "10.0.1.0/24"
      + enable_dns64                                   = false
      + enable_resource_name_dns_a_record_on_launch    = false
      + enable_resource_name_dns_aaaa_record_on_launch = false
      + id                                             = (known after apply)
      + ipv6_cidr_block_association_id                 = (known after apply)
      + ipv6_native                                    = false
      + map_public_ip_on_launch                        = false
      + owner_id                                       = (known after apply)
      + private_dns_hostname_type_on_launch            = (known after apply)
      + region                                         = "us-east-1"
      + tags                                           = {
          + "Name" = "my-net-public-subnet"
        }
      + tags_all                                       = {
          + "Name" = "my-net-public-subnet"
        }
      + vpc_id                                         = (known after apply)
    }

  # aws_vpc.my_net_vpc will be created
  + resource "aws_vpc" "my_net_vpc" {
      + arn                                  = (known after apply)
      + cidr_block                           = "10.0.0.0/16"
      + default_network_acl_id               = (known after apply)
      + default_route_table_id               = (known after apply)
      + default_security_group_id            = (known after apply)
      + dhcp_options_id                      = (known after apply)
      + enable_dns_hostnames                 = true
      + enable_dns_support                   = true
      + enable_network_address_usage_metrics = (known after apply)
      + id                                   = (known after apply)
      + instance_tenancy                     = "default"
      + ipv6_association_id                  = (known after apply)
      + ipv6_cidr_block                      = (known after apply)
      + ipv6_cidr_block_network_border_group = (known after apply)
      + main_route_table_id                  = (known after apply)
      + owner_id                             = (known after apply)
      + region                               = "us-east-1"
      + tags                                 = {
          + "Name" = "my-net-vpc"
        }
      + tags_all                             = {
          + "Name" = "my-net-vpc"
        }
    }

  # local_file.my_net_private_key_pem will be created
  + resource "local_file" "my_net_private_key_pem" {
      + content              = (sensitive value)
      + content_base64sha256 = (known after apply)
      + content_base64sha512 = (known after apply)
      + content_md5          = (known after apply)
      + content_sha1         = (known after apply)
      + content_sha256       = (known after apply)
      + content_sha512       = (known after apply)
      + directory_permission = "0777"
      + file_permission      = "0777"
      + filename             = "./.security/my-net-keypair.id_rsa"
      + id                   = (known after apply)
    }

  # null_resource.remote-exec will be created
  + resource "null_resource" "remote-exec" {
      + id = (known after apply)
    }

  # tls_private_key.my_net_private_key will be created
  + resource "tls_private_key" "my_net_private_key" {
      + algorithm                     = "RSA"
      + ecdsa_curve                   = "P224"
      + id                            = (known after apply)
      + private_key_openssh           = (sensitive value)
      + private_key_pem               = (sensitive value)
      + private_key_pem_pkcs8         = (sensitive value)
      + public_key_fingerprint_md5    = (known after apply)
      + public_key_fingerprint_sha256 = (known after apply)
      + public_key_openssh            = (known after apply)
      + public_key_pem                = (known after apply)
      + rsa_bits                      = 2048
    }

Plan: 11 to add, 0 to change, 0 to destroy.

Changes to Outputs:
  + ami_id              = "ami-04681a1dbd79675a5"
  + ec2_global_ips      = [
      + (known after apply),
    ]
  + ec2_public_dns_name = [
      + (known after apply),
    ]
tls_private_key.my_net_private_key: Creating...
tls_private_key.my_net_private_key: Creation complete after 0s [id=b5334068a97df7088175808c609ae2ebf10e0290]
local_file.my_net_private_key_pem: Creating...
local_file.my_net_private_key_pem: Creation complete after 0s [id=4523796939d29db529db1f2907b07e0da2a13270]
aws_key_pair.my_net_keypair: Creating...
aws_vpc.my_net_vpc: Creating...
aws_key_pair.my_net_keypair: Creation complete after 0s [id=my-net-keypair]
aws_vpc.my_net_vpc: Still creating... [00m10s elapsed]
aws_vpc.my_net_vpc: Creation complete after 10s [id=vpc-0a43876e9244c3a2c]
aws_internet_gateway.my_net_igw: Creating...
aws_subnet.my_net_public_subnet: Creating...
aws_security_group.my_net_ec2_sg: Creating...
aws_internet_gateway.my_net_igw: Creation complete after 0s [id=igw-bd98650372aab5182]
aws_route_table.my_net_public_rt: Creating...
aws_security_group.my_net_ec2_sg: Creation complete after 1s [id=sg-dac565854106e8760]
aws_route_table.my_net_public_rt: Creation complete after 1s [id=rtb-f0965630728e1c825]
aws_subnet.my_net_public_subnet: Still creating... [00m10s elapsed]
aws_subnet.my_net_public_subnet: Creation complete after 10s [id=subnet-8822b5be0fcbe6d4e]
aws_route_table_association.my_net_public_rt_associate: Creating...
aws_instance.my_net_ec2: Creating...
aws_route_table_association.my_net_public_rt_associate: Creation complete after 1s [id=rtbassoc-2c98d00f8bb740c8d]
