{"format_version":"1.2","terraform_version":"1.13.5","variables":{"aws_region":{"value":"us-east-1"},"container_port":{"value":3000},"desired_count":{"value":1},"domain_name":{"value":null},"ecr_repository_name":{"value":"hello-node"},"enable_https":{"value":false},"environment":{"value":"dev"},"github_repo":{"value":null},"hosted_zone_id":{"value":null},"image_tag":{"value":"latest"},"private_subnet_cidrs":{"value":["10.0.10.0/24","10.0.11.0/24"]},"project_name":{"value":"hello-node"},"public_subnet_cidrs":{"value":["10.0.0.0/24","10.0.1.0/24"]},"task_cpu":{"value":256},"task_memory":{"value":512},"vpc_cidr":{"value":"10.0.0.0/16"}},"planned_values":{"outputs":{"alb_dns_name":{"sensitive":false},"app_url":{"sensitive":false},"ecr_repository_url":{"sensitive":false},"ecs_cluster_name":{"sensitive":false,"type":"string","value":"my-ecs-cluster"},"ecs_service_name":{"sensitive":false,"type":"string","value":"my-service"},"github_actions_role_arn":{"sensitive":false,"type":"dynamic","value":null}},"root_module":{"resources":[{"address":"aws_appautoscaling_policy.cpu","mode":"managed","type":"aws_appautoscaling_policy","name":"cpu","provider_name":"registry.terraform.io/hashicorp/aws","schema_version":0,"values":{"name":"hello-node-dev-cpu-scaling","policy_type":"TargetTrackingScaling","resource_id":"service/my-ecs-cluster/my-service","scalable_dimension":"ecs:service:DesiredCount","service_namespace":"ecs","step_scaling_policy_configuration":[],"target_tracking_scaling_policy_configuration":[{"customized_metric_specification":[],"disable_scale_in":false,"predefined_metric_specification":[{"predefined_metric_type":"ECSServiceAverageCPUUtilization","resource_label":null}],"scale_in_cooldown":60,"scale_out_cooldown":60,"target_value":60}]},"sensitive_values":{"alarm_arns":[],"step_scaling_policy_configuration":[],"target_tracking_scaling_policy_configuration":[{"customized_metric_specification":[],"predefined_metric_specification":[{}]}]}},{"address":"aws_appautoscaling_target.ecs","mode":"managed","type":"aws_appautoscaling_target","name":"ecs","provider_name":"registry.terraform.io/hashicorp/aws","schema_version":0,"values":{"max_capacity":4,"min_capacity":1,"resource_id":"service/my-ecs-cluster/my-service","scalable_dimension":"ecs:service:DesiredCount","service_namespace":"ecs","tags":null,"tags_all":{"Environment":"dev","ManagedBy":"terraform","Project":"hello-node"}},"sensitive_values":{"suspended_state":[],"tags_all":{}}},{"address":"aws_cloudwatch_log_group.app","mode":"managed","type":"aws_cloudwatch_log_group","name":"app","provider_name":"registry.terraform.io/hashicorp/aws","schema_version":0,"values":{"kms_key_id":null,"name":"/ecs/hello-node-dev","retention_in_days":14,"skip_destroy":false,"tags":{"Name":"hello-node-dev-logs"},"tags_all":{"Environment":"dev","ManagedBy":"terraform","Name":"hello-node-dev-logs","Project":"hello-node"}},"sensitive_values":{"tags":{},"tags_all":{}}},{"address":"aws_ecr_lifecycle_policy.app","mode":"managed","type":"aws_ecr_lifecycle_policy","name":"app","provider_name":"registry.terraform.io/hashicorp/aws","schema_version":0,"values":{"policy":"{\"rules\":[{\"action\":{\"type\":\"expire\"},\"description\":\"Expire untagged images older than 7 days\",\"rulePriority\":1,\"selection\":{\"countNumber\":7,\"countType\":\"sinceImagePushed\",\"countUnit\":\"days\",\"tagStatus\":\"untagged\"}},{\"action\":{\"type\":\"expire\"},\"description\":\"Keep last 30 tagged images\",\"rulePriority\":2,\"selection\":{\"countNumber\":30,\"countType\":\"imageCountMoreThan\",\"tagPrefixList\":[\"\"],\"tagStatus\":\"tagged\"}}]}","repository":"hello-node"},"sensitive_values":{}},{"address":"aws_ecr_repository.app","mode":"managed","type":"aws_ecr_repository","name":"app","provider_name":"registry.terraform.io/hashicorp/aws","schema_version":0,"values":{"encryption_configuration":[{"encryption_type":"AES256"}],"force_delete":null,"image_scanning_configuration":[{"scan_on_push":true}],"image_tag_mutability":"MUTABLE","name":"hello-node","tags":{"Name":"hello-node-dev-ecr"},"tags_all":{"Environment":"dev","ManagedBy":"terraform","Name":"hello-node-dev-ecr","Project":"hello-node"},"timeouts":null},"sensitive_values":{"encryption_configuration":[{}],"image_scanning_configuration":[{}],"tags":{},"tags_all":{}}},{"address":"aws_ecs_cluster.this","mode":"managed","type":"aws_ecs_cluster","name":"this","provider_name":"registry.terraform.io/hashicorp/aws","schema_version":0,"values":{"configuration":[],"name":"my-ecs-cluster","service_connect_defaults":[],"setting":[{"name":"containerInsights","value":"enabled"}],"tags":{"Name":"hello-node-dev-cluster"},"tags_all":{"Environment":"dev","ManagedBy":"terraform","Name":"hello-node-dev-cluster","Project":"hello-node"}},"sensitive_values":{"configuration":[],"service_connect_defaults":[],"setting":[{}],"tags":{},"tags_all":{}}},{"address":"aws_ecs_service.app","mode":"managed","type":"aws_ecs_service","name":"app","provider_name":"registry.terraform.io/hashicorp/aws","schema_version":1,"values":{"alarms":[],"availability_zone_rebalancing":"DISABLED","capacity_provider_strategy":[],"deployment_circuit_breaker":[{"enable":true,"rollback":true}],"deployment_controller":[],"deployment_maximum_percent":200,"deployment_minimum_healthy_percent":50,"desired_count":1,"enable_ecs_managed_tags":false,"enable_execute_command":false,"force_delete":null,"force_new_deployment":null,"health_check_grace_period_seconds":null,"launch_type":"FARGATE","load_balancer":[{"container_name":"app","container_port":3000,"elb_name":""}],"name":"my-service","network_configuration":[{"assign_public_ip":false}],"ordered_placement_strategy":[],"placement_constraints":[],"propagate_tags":null,"scheduling_strategy":"REPLICA","service_connect_configuration":[],"service_registries":[],"tags":{"Name":"hello-node-dev-service"},"tags_all":{"Environment":"dev","ManagedBy":"terraform","Name":"hello-node-dev-service","Project":"hello-node"},"timeouts":null,"volume_configuration":[],"vpc_lattice_configurations":[],"wait_for_steady_state":false},"sensitive_values":{"alarms":[],"capacity_provider_strategy":[],"deployment_circuit_breaker":[{}],"deployment_controller":[],"load_balancer":[{}],"network_configuration":[{"security_groups":[],"subnets":[]}],"ordered_placement_strategy":[],"placement_constraints":[],"service_connect_configuration":[],"service_registries":[],"tags":{},"tags_all":{},"triggers":{},"volume_configuration":[],"vpc_lattice_configurations":[]}},{"address":"aws_ecs_task_definition.app","mode":"managed","type":"aws_ecs_task_definition","name":"app","provider_name":"registry.terraform.io/hashicorp/aws","schema_version":1,"values":{"cpu":"256","ephemeral_storage":[],"family":"my-service","inference_accelerator":[],"ipc_mode":null,"memory":"512","network_mode":"awsvpc","pid_mode":null,"placement_constraints":[],"proxy_configuration":[],"requires_compatibilities":["FARGATE"],"runtime_platform":[{"cpu_architecture":"X86_64","operating_system_family":"LINUX"}],"skip_destroy":false,"tags":{"Name":"hello-node-dev-taskdef"},"tags_all":{"Environment":"dev","ManagedBy":"terraform","Name":"hello-node-dev-taskdef","Project":"hello-node"},"task_role_arn":null,"track_latest":false,"volume":[]},"sensitive_values":{"ephemeral_storage":[],"inference_accelerator":[],"placement_constraints":[],"proxy_configuration":[],"requires_compatibilities":[false],"runtime_platform":[{}],"tags":{},"tags_all":{},"volume":[]}},{"address":"aws_eip.nat[0]","mode":"managed","type":"aws_eip","name":"nat","index":0,"provider_name":"registry.terraform.io/hashicorp/aws","schema_version":0,"values":{"address":null,"associate_with_private_ip":null,"customer_owned_ipv4_pool":null,"domain":"vpc","tags":{"Name":"hello-node-dev-nat-eip-1"},"tags_all":{"Environment":"dev","ManagedBy":"terraform","Name":"hello-node-dev-nat-eip-1","Project":"hello-node"},"timeouts":null},"sensitive_values":{"tags":{},"tags_all":{}}},{"address":"aws_eip.nat[1]","mode":"managed","type":"aws_eip","name":"nat","index":1,"provider_name":"registry.terraform.io/hashicorp/aws","schema_version":0,"values":{"address":null,"associate_with_private_ip":null,"customer_owned_ipv4_pool":null,"domain":"vpc","tags":{"Name":"hello-node-dev-nat-eip-2"},"tags_all":{"Environment":"dev","ManagedBy":"terraform","Name":"hello-node-dev-nat-eip-2","Project":"hello-node"},"timeouts":null},"sensitive_values":{"tags":{},"tags_all":{}}},{"address":"aws_iam_role.ecs_task_execution","mode":"managed","type":"aws_iam_role","name":"ecs_task_execution","provider_name":"registry.terraform.io/hashicorp/aws","schema_version":0,"values":{"assume_role_policy":"{\"Statement\":[{\"Action\":\"sts:AssumeRole\",\"Effect\":\"Allow\",\"Principal\":{\"Service\":\"ecs-tasks.amazonaws.com\"}}],\"Version\":\"2012-10-17\"}","description":null,"force_detach_policies":false,"max_session_duration":3600,"name":"hello-node-dev-ecs-task-exec","path":"/","permissions_boundary":null,"tags":null,"tags_all":{"Environment":"dev","ManagedBy":"terraform","Project":"hello-node"}},"sensitive_values":{"inline_policy":[],"managed_policy_arns":[],"tags_all":{}}},{"address":"aws_iam_role_policy_attachment.ecs_task_execution","mode":"managed","type":"aws_iam_role_policy_attachment","name":"ecs_task_execution","provider_name":"registry.terraform.io/hashicorp/aws","schema_version":0,"values":{"policy_arn":"arn:aws:iam::aws:policy/service-role/AmazonECSTaskExecutionRolePolicy","role":"hello-node-dev-ecs-task-exec"},"sensitive_values":{}},{"address":"aws_internet_gateway.this","mode":"managed","type":"aws_internet_gateway","name":"this","provider_name":"registry.terraform.io/hashicorp/aws","schema_version":0,"values":{"tags":{"Name":"hello-node-dev-igw"},"tags_all":{"Environment":"dev","ManagedBy":"terraform","Name":"hello-node-dev-igw","Project":"hello-node"},"timeouts":null},"sensitive_values":{"tags":{},"tags_all":{}}},{"address":"aws_lb.app","mode":"managed","type":"aws_lb","name":"app","provider_name":"registry.terraform.io/hashicorp/aws","schema_version":0,"values":{"access_logs":[],"client_keep_alive":3600,"connection_logs":[],"customer_owned_ipv4_pool":null,"desync_mitigation_mode":"defensive","dns_record_client_routing_policy":null,"drop_invalid_header_fields":true,"enable_cross_zone_load_balancing":null,"enable_deletion_protection":false,"enable_http2":true,"enable_tls_version_and_cipher_suite_headers":false,"enable_waf_fail_open":false,"enable_xff_client_port":false,"enable_zonal_shift":false,"idle_timeout":60,"internal":false,"ipam_pools":[],"load_balancer_type":"application","minimum_load_balancer_capacity":[],"name":"hello-node-dev","preserve_host_header":false,"tags":{"Name":"hello-node-dev-alb"},"tags_all":{"Environment":"dev","ManagedBy":"terraform","Name":"hello-node-dev-alb","Project":"hello-node"},"timeouts":null,"xff_header_processing_mode":"append"},"sensitive_values":{"access_logs":[],"connection_logs":[],"ipam_pools":[],"minimum_load_balancer_capacity":[],"security_groups":[],"subnet_mapping":[],"subnets":[],"tags":{},"tags_all":{}}},{"address":"aws_lb_listener.http","mode":"managed","type":"aws_lb_listener","name":"http","provider_name":"registry.terraform.io/hashicorp/aws","schema_version":0,"values":{"alpn_policy":null,"certificate_arn":null,"default_action":[{"authenticate_cognito":[],"authenticate_oidc":[],"fixed_response":[],"forward":[],"redirect":[],"type":"forward"}],"port":80,"protocol":"HTTP","tags":null,"tags_all":{"Environment":"dev","ManagedBy":"terraform","Project":"hello-node"},"timeouts":null},"sensitive_values":{"default_action":[{"authenticate_cognito":[],"authenticate_oidc":[],"fixed_response":[],"forward":[],"redirect":[]}],"mutual_authentication":[],"tags_all":{}}},{"address":"aws_lb_target_group.app","mode":"managed","type":"aws_lb_target_group","name":"app","provider_name":"registry.terraform.io/hashicorp/aws","schema_version":0,"values":{"deregistration_delay":"300","health_check":[{"enabled":true,"healthy_threshold":2,"interval":30,"matcher":"200-399","path":"/","port":"traffic-port","protocol":"HTTP","timeout":5,"unhealthy_threshold":2}],"lambda_multi_value_headers_enabled":false,"name":"hello-node-dev-tg","port":3000,"protocol":"HTTP","proxy_protocol_v2":false,"slow_start":0,"tags":{"Name":"hello-node-dev-tg"},"tags_all":{"Environment":"dev","ManagedBy":"terraform","Name":"hello-node-dev-tg","Project":"hello-node"},"target_type":"ip"},"sensitive_values":{"health_check":[{}],"load_balancer_arns":[],"stickiness":[],"tags":{},"tags_all":{},"target_failover":[],"target_group_health":[],"target_health_state":[]}},{"address":"aws_nat_gateway.this[0]","mode":"managed","type":"aws_nat_gateway","name":"this","index":0,"provider_name":"registry.terraform.io/hashicorp/aws","schema_version":0,"values":{"connectivity_type":"public","secondary_allocation_ids":null,"tags":{"Name":"hello-node-dev-nat-1"},"tags_all":{"Environment":"dev","ManagedBy":"terraform","Name":"hello-node-dev-nat-1","Project":"hello-node"},"timeouts":null},"sensitive_values":{"secondary_private_ip_addresses":[],"tags":{},"tags_all":{}}},{"address":"aws_nat_gateway.this[1]","mode":"managed","type":"aws_nat_gateway","name":"this","index":1,"provider_name":"registry.terraform.io/hashicorp/aws","schema_version":0,"values":{"connectivity_type":"public","secondary_allocation_ids":null,"tags":{"Name":"hello-node-dev-nat-2"},"tags_all":{"Environment":"dev","ManagedBy":"terraform","Name":"hello-node-dev-nat-2","Project":"hello-node"},"timeouts":null},"sensitive_values":{"secondary_private_ip_addresses":[],"tags":{},"tags_all":{}}},{"address":"aws_route.private_nat[0]","mode":"managed","type":"aws_route","name":"private_nat","index":0,"provider_name":"registry.terraform.io/hashicorp/aws","schema_version":0,"values":{"carrier_gateway_id":null,"core_network_arn":null,"destination_cidr_block":"0.0.0.0/0","destination_ipv6_cidr_block":null,"destination_prefix_list_id":null,"egress_only_gateway_id":null,"gateway_id":null,"local_gateway_id":null,"timeouts":null,"transit_gateway_id":null,"vpc_endpoint_id":null,"vpc_peering_connection_id":null},"sensitive_values":{}},{"address":"aws_route.private_nat[1]","mode":"managed","type":"aws_route","name":"private_nat","index":1,"provider_name":"registry.terraform.io/hashicorp/aws","schema_version":0,"values":{"carrier_gateway_id":null,"core_network_arn":null,"destination_cidr_block":"0.0.0.0/0","destination_ipv6_cidr_block":null,"destination_prefix_list_id":null,"egress_only_gateway_id":null,"gateway_id":null,"local_gateway_id":null,"timeouts":null,"transit_gateway_id":null,"vpc_endpoint_id":null,"vpc_peering_connection_id":null},"sensitive_values":{}},{"address":"aws_route.public_internet","mode":"managed","type":"aws_route","name":"public_internet","provider_name":"registry.terraform.io/hashicorp/aws","schema_version":0,"values":{"carrier_gateway_id":null,"core_network_arn":null,"destination_cidr_block":"0.0.0.0/0","destination_ipv6_cidr_block":null,"destination_prefix_list_id":null,"egress_only_gateway_id":null,"local_gateway_id":null,"nat_gateway_id":null,"timeouts":null,"transit_gateway_id":null,"vpc_endpoint_id":null,"vpc_peering_connection_id":null},"sensitive_values":{}},{"address":"aws_route_table.private[0]","mode":"managed","type":"aws_route_table","name":"private","index":0,"provider_name":"registry.terraform.io/hashicorp/aws","schema_version":0,"values":{"tags":{"Name":"hello-node-dev-private-rt-1"},"tags_all":{"Environment":"dev","ManagedBy":"terraform","Name":"hello-node-dev-private-rt-1","Project":"hello-node"},"timeouts":null},"sensitive_values":{"propagating_vgws":[],"route":[],"tags":{},"tags_all":{}}},{"address":"aws_route_table.private[1]","mode":"managed","type":"aws_route_table","name":"private","index":1,"provider_name":"registry.terraform.io/hashicorp/aws","schema_version":0,"values":{"tags":{"Name":"hello-node-dev-private-rt-2"},"tags_all":{"Environment":"dev","ManagedBy":"terraform","Name":"hello-node-dev-private-rt-2","Project":"hello-node"},"timeouts":null},"sensitive_values":{"propagating_vgws":[],"route":[],"tags":{},"tags_all":{}}},{"address":"aws_route_table.public","mode":"managed","type":"aws_route_table","name":"public","provider_name":"registry.terraform.io/hashicorp/aws","schema_version":0,"values":{"tags":{"Name":"hello-node-dev-public-rt"},"tags_all":{"Environment":"dev","ManagedBy":"terraform","Name":"hello-node-dev-public-rt","Project":"hello-node"},"timeouts":null},"sensitive_values":{"propagating_vgws":[],"route":[],"tags":{},"tags_all":{}}},{"address":"aws_route_table_association.private[0]","mode":"managed","type":"aws_route_table_association","name":"private","index":0,"provider_name":"registry.terraform.io/hashicorp/aws","schema_version":0,"values":{"gateway_id":null,"timeouts":null},"sensitive_values":{}},{"address":"aws_route_table_association.private[1]","mode":"managed","type":"aws_route_table_association","name":"private","index":1,"provider_name":"registry.terraform.io/hashicorp/aws","schema_version":0,"values":{"gateway_id":null,"timeouts":null},"sensitive_values":{}},{"address":"aws_route_table_association.public[0]","mode":"managed","type":"aws_route_table_association","name":"public","index":0,"provider_name":"registry.terraform.io/hashicorp/aws","schema_version":0,"values":{"gateway_id":null,"timeouts":null},"sensitive_values":{}},{"address":"aws_route_table_association.public[1]","mode":"managed","type":"aws_route_table_association","name":"public","index":1,"provider_name":"registry.terraform.io/hashicorp/aws","schema_version":0,"values":{"gateway_id":null,"timeouts":null},"sensitive_values":{}},{"address":"aws_security_group.alb","mode":"managed","type":"aws_security_group","name":"alb","provider_name":"registry.terraform.io/hashicorp/aws","schema_version":1,"values":{"description":"ALB security group","egress":[{"cidr_blocks":["0.0.0.0/0"],"description":"","from_port":0,"ipv6_cidr_blocks":[],"prefix_list_ids":[],"protocol":"-1","security_groups":[],"self":false,"to_port":0}],"ingress":[{"cidr_blocks":["0.0.0.0/0"],"description":"HTTP","from_port":80,"ipv6_cidr_blocks":[],"prefix_list_ids":[],"protocol":"tcp","security_groups":[],"self":false,"to_port":80}],"name":"hello-node-dev-alb-sg","revoke_rules_on_delete":false,"tags":{"Name":"hello-node-dev-alb-sg"},"tags_all":{"Environment":"dev","ManagedBy":"terraform","Name":"hello-node-dev-alb-sg","Project":"hello-node"},"timeouts":null},"sensitive_values":{"egress":[{"cidr_blocks":[false],"ipv6_cidr_blocks":[],"prefix_list_ids":[],"security_groups":[]}],"ingress":[{"cidr_blocks":[false],"ipv6_cidr_blocks":[],"prefix_list_ids":[],"security_groups":[]}],"tags":{},"tags_all":{}}},{"address":"aws_security_group.ecs_tasks","mode":"managed","type":"aws_security_group","name":"ecs_tasks","provider_name":"registry.terraform.io/hashicorp/aws","schema_version":1,"values":{"description":"ECS tasks security group","egress":[{"cidr_blocks":["0.0.0.0/0"],"description":"","from_port":0,"ipv6_cidr_blocks":[],"prefix_list_ids":[],"protocol":"-1","security_groups":[],"self":false,"to_port":0}],"ingress":[{"cidr_blocks":[],"description":"App from ALB","from_port":3000,"ipv6_cidr_blocks":[],"prefix_list_ids":[],"protocol":"tcp","self":false,"to_port":3000}],"name":"hello-node-dev-ecs-tasks-sg","revoke_rules_on_delete":false,"tags":{"Name":"hello-node-dev-ecs-tasks-sg"},"tags_all":{"Environment":"dev","ManagedBy":"terraform","Name":"hello-node-dev-ecs-tasks-sg","Project":"hello-node"},"timeouts":null},"sensitive_values":{"egress":[{"cidr_blocks":[false],"ipv6_cidr_blocks":[],"prefix_list_ids":[],"security_groups":[]}],"ingress":[{"cidr_blocks":[],"ipv6_cidr_blocks":[],"prefix_list_ids":[],"security_groups":[]}],"tags":{},"tags_all":{}}},{"address":"aws_subnet.private[0]","mode":"managed","type":"aws_subnet","name":"private","index":0,"provider_name":"registry.terraform.io/hashicorp/aws","schema_version":1,"values":{"assign_ipv6_address_on_creation":false,"availability_zone":"us-east-1a","cidr_block":"10.0.10.0/24","customer_owned_ipv4_pool":null,"enable_dns64":false,"enable_lni_at_device_index":null,"enable_resource_name_dns_a_record_on_launch":false,"enable_resource_name_dns_aaaa_record_on_launch":false,"ipv6_cidr_block":null,"ipv6_native":false,"map_customer_owned_ip_on_launch":null,"map_public_ip_on_launch":false,"outpost_arn":null,"tags":{"Name":"hello-node-dev-private-1","Tier":"private"},"tags_all":{"Environment":"dev","ManagedBy":"terraform","Name":"hello-node-dev-private-1","Project":"hello-node","Tier":"private"},"timeouts":null},"sensitive_values":{"tags":{},"tags_all":{}}},{"address":"aws_subnet.private[1]","mode":"managed","type":"aws_subnet","name":"private","index":1,"provider_name":"registry.terraform.io/hashicorp/aws","schema_version":1,"values":{"assign_ipv6_address_on_creation":false,"availability_zone":"us-east-1b","cidr_block":"10.0.11.0/24","customer_owned_ipv4_pool":null,"enable_dns64":false,"enable_lni_at_device_index":null,"enable_resource_name_dns_a_record_on_launch":false,"enable_resource_name_dns_aaaa_record_on_launch":false,"ipv6_cidr_block":null,"ipv6_native":false,"map_customer_owned_ip_on_launch":null,"map_public_ip_on_launch":false,"outpost_arn":null,"tags":{"Name":"hello-node-dev-private-2","Tier":"private"},"tags_all":{"Environment":"dev","ManagedBy":"terraform","Name":"hello-node-dev-private-2","Project":"hello-node","Tier":"private"},"timeouts":null},"sensitive_values":{"tags":{},"tags_all":{}}},{"address":"aws_subnet.public[0]","mode":"managed","type":"aws_subnet","name":"public","index":0,"provider_name":"registry.terraform.io/hashicorp/aws","schema_version":1,"values":{"assign_ipv6_address_on_creation":false,"availability_zone":"us-east-1a","cidr_block":"10.0.0.0/24","customer_owned_ipv4_pool":null,"enable_dns64":false,"enable_lni_at_device_index":null,"enable_resource_name_dns_a_record_on_launch":false,"enable_resource_name_dns_aaaa_record_on_launch":false,"ipv6_cidr_block":null,"ipv6_native":false,"map_customer_owned_ip_on_launch":null,"map_public_ip_on_launch":true,"outpost_arn":null,"tags":{"Name":"hello-node-dev-public-1","Tier":"public"},"tags_all":{"Environment":"dev","ManagedBy":"terraform","Name":"hello-node-dev-public-1","Project":"hello-node","Tier":"public"},"timeouts":null},"sensitive_values":{"tags":{},"tags_all":{}}},{"address":"aws_subnet.public[1]","mode":"managed","type":"aws_subnet","name":"public","index":1,"provider_name":"registry.terraform.io/hashicorp/aws","schema_version":1,"values":{"assign_ipv6_address_on_creation":false,"availability_zone":"us-east-1b","cidr_block":"10.0.1.0/24","customer_owned_ipv4_pool":null,"enable_dns64":false,"enable_lni_at_device_index":null,"enable_resource_name_dns_a_record_on_launch":false,"enable_resource_name_dns_aaaa_record_on_launch":false,"ipv6_cidr_block":null,"ipv6_native":false,"map_customer_owned_ip_on_launch":null,"map_public_ip_on_launch":true,"outpost_arn":null,"tags":{"Name":"hello-node-dev-public-2","Tier":"public"},"tags_all":{"Environment":"dev","ManagedBy":"terraform","Name":"hello-node-dev-public-2","Project":"hello-node","Tier":"public"},"timeouts":null},"sensitive_values":{"tags":{},"tags_all":{}}},{"address":"aws_vpc.this","mode":"managed","type":"aws_vpc","name":"this","provider_name":"registry.terraform.io/hashicorp/aws","schema_version":1,"values":{"assign_generated_ipv6_cidr_block":null,"cidr_block":"10.0.0.0/16","enable_dns_hostnames":true,"enable_dns_support":true,"instance_tenancy":"default","ipv4_ipam_pool_id":null,"ipv4_netmask_length":null,"ipv6_ipam_pool_id":null,"ipv6_netmask_length":null,"tags":{"Name":"hello-node-dev"},"tags_all":{"Environment":"dev","ManagedBy":"terraform","Name":"hello-node-dev","Project":"hello-node"}},"sensitive_values":{"tags":{},"tags_all":{}}}]}},"resource_changes":[{"address":"aws_appautoscaling_policy.cpu","mode":"managed","type":"aws_appautoscaling_policy","name":"cpu","provider_name":"registry.terraform.io/hashicorp/aws","change":{"actions":["create"],"before":null,"after":{"name":"hello-node-dev-cpu-scaling","policy_type":"TargetTrackingScaling","resource_id":"service/my-ecs-cluster/my-service","scalable_dimension":"ecs:service:DesiredCount","service_namespace":"ecs","step_scaling_policy_configuration":[],"target_tracking_scaling_policy_configuration":[{"customized_metric_specification":[],"disable_scale_in":false,"predefined_metric_specification":[{"predefined_metric_type":"ECSServiceAverageCPUUtilization","resource_label":null}],"scale_in_cooldown":60,"scale_out_cooldown":60,"target_value":60}]},"after_unknown":{"alarm_arns":true,"arn":true,"id":true,"step_scaling_policy_configuration":[],"target_tracking_scaling_policy_configuration":[{"customized_metric_specification":[],"predefined_metric_specification":[{}]}]},"before_sensitive":false,"after_sensitive":{"alarm_arns":[],"step_scaling_policy_configuration":[],"target_tracking_scaling_policy_configuration":[{"customized_metric_specification":[],"predefined_metric_specification":[{}]}]}}},{"address":"aws_appautoscaling_target.ecs","mode":"managed","type":"aws_appautoscaling_target","name":"ecs","provider_name":"registry.terraform.io/hashicorp/aws","change":{"actions":["create"],"before":null,"after":{"max_capacity":4,"min_capacity":1,"resource_id":"service/my-ecs-cluster/my-service","scalable_dimension":"ecs:service:DesiredCount","service_namespace":"ecs","tags":null,"tags_all":{"Environment":"dev","ManagedBy":"terraform","Project":"hello-node"}},"after_unknown":{"arn":true,"id":true,"role_arn":true,"suspended_state":true,"tags_all":{}},"before_sensitive":false,"after_sensitive":{"suspended_state":[],"tags_all":{}}}},{"address":"aws_cloudwatch_log_group.app","mode":"managed","type":"aws_cloudwatch_log_group","name":"app","provider_name":"registry.terraform.io/hashicorp/aws","change":{"actions":["create"],"before":null,"after":{"kms_key_id":null,"name":"/ecs/hello-node-dev","retention_in_days":14,"skip_destroy":false,"tags":{"Name":"hello-node-dev-logs"},"tags_all":{"Environment":"dev","ManagedBy":"terraform","Name":"hello-node-dev-logs","Project":"hello-node"}},"after_unknown":{"arn":true,"id":true,"log_group_class":true,"name_prefix":true,"tags":{},"tags_all":{}},"before_sensitive":false,"after_sensitive":{"tags":{},"tags_all":{}}}},{"address":"aws_ecr_lifecycle_policy.app","mode":"managed","type":"aws_ecr_lifecycle_policy","name":"app","provider_name":"registry.terraform.io/hashicorp/aws","change":{"actions":["create"],"before":null,"after":{"policy":"{\"rules\":[{\"action\":{\"type\":\"expire\"},\"description\":\"Expire untagged images older than 7 days\",\"rulePriority\":1,\"selection\":{\"countNumber\":7,\"countType\":\"sinceImagePushed\",\"countUnit\":\"days\",\"tagStatus\":\"untagged\"}},{\"action\":{\"type\":\"expire\"},\"description\":\"Keep last 30 tagged images\",\"rulePriority\":2,\"selection\":{\"countNumber\":30,\"countType\":\"imageCountMoreThan\",\"tagPrefixList\":[\"\"],\"tagStatus\":\"tagged\"}}]}","repository":"hello-node"},"after_unknown":{"id":true,"registry_id":true},"before_sensitive":false,"after_sensitive":{}}},{"address":"aws_ecr_repository.app","mode":"managed","type":"aws_ecr_repository","name":"app","provider_name":"registry.terraform.io/hashicorp/aws","change":{"actions":["create"],"before":null,"after":{"encryption_configuration":[{"encryption_type":"AES256"}],"force_delete":null,"image_scanning_configuration":[{"scan_on_push":true}],"image_tag_mutability":"MUTABLE","name":"hello-node","tags":{"Name":"hello-node-dev-ecr"},"tags_all":{"Environment":"dev","ManagedBy":"terraform","Name":"hello-node-dev-ecr","Project":"hello-node"},"timeouts":null},"after_unknown":{"arn":true,"encryption_configuration":[{"kms_key":true}],"id":true,"image_scanning_configuration":[{}],"registry_id":true,"repository_url":true,"tags":{},"tags_all":{}},"before_sensitive":false,"after_sensitive":{"encryption_configuration":[{}],"image_scanning_configuration":[{}],"tags":{},"tags_all":{}}}},{"address":"aws_ecs_cluster.this","mode":"managed","type":"aws_ecs_cluster","name":"this","provider_name":"registry.terraform.io/hashicorp/aws","change":{"actions":["create"],"before":null,"after":{"configuration":[],"name":"my-ecs-cluster","service_connect_defaults":[],"setting":[{"name":"containerInsights","value":"enabled"}],"tags":{"Name":"hello-node-dev-cluster"},"tags_all":{"Environment":"dev","ManagedBy":"terraform","Name":"hello-node-dev-cluster","Project":"hello-node"}},"after_unknown":{"arn":true,"configuration":[],"id":true,"service_connect_defaults":[],"setting":[{}],"tags":{},"tags_all":{}},"before_sensitive":false,"after_sensitive":{"configuration":[],"service_connect_defaults":[],"setting":[{}],"tags":{},"tags_all":{}}}},{"address":"aws_ecs_service.app","mode":"managed","type":"aws_ecs_service","name":"app","provider_name":"registry.terraform.io/hashicorp/aws","change":{"actions":["create"],"before":null,"after":{"alarms":[],"availability_zone_rebalancing":"DISABLED","capacity_provider_strategy":[],"deployment_circuit_breaker":[{"enable":true,"rollback":true}],"deployment_controller":[],"deployment_maximum_percent":200,"deployment_minimum_healthy_percent":50,"desired_count":1,"enable_ecs_managed_tags":false,"enable_execute_command":false,"force_delete":null,"force_new_deployment":null,"health_check_grace_period_seconds":null,"launch_type":"FARGATE","load_balancer":[{"container_name":"app","container_port":3000,"elb_name":""}],"name":"my-service","network_configuration":[{"assign_public_ip":false}],"ordered_placement_strategy":[],"placement_constraints":[],"propagate_tags":null,"scheduling_strategy":"REPLICA","service_connect_configuration":[],"service_registries":[],"tags":{"Name":"hello-node-dev-service"},"tags_all":{"Environment":"dev","ManagedBy":"terraform","Name":"hello-node-dev-service","Project":"hello-node"},"timeouts":null,"volume_configuration":[],"vpc_lattice_configurations":[],"wait_for_steady_state":false},"after_unknown":{"alarms":[],"capacity_provider_strategy":[],"cluster":true,"deployment_circuit_breaker":[{}],"deployment_controller":[],"iam_role":true,"id":true,"load_balancer":[{"target_group_arn":true}],"network_configuration":[{"security_groups":true,"subnets":true}],"ordered_placement_strategy":[],"placement_constraints":[],"platform_version":true,"service_connect_configuration":[],"service_registries":[],"tags":{},"tags_all":{},"task_definition":true,"triggers":true,"volume_configuration":[],"vpc_lattice_configurations":[]},"before_sensitive":false,"after_sensitive":{"alarms":[],"capacity_provider_strategy":[],"deployment_circuit_breaker":[{}],"deployment_controller":[],"load_balancer":[{}],"network_configuration":[{"security_groups":[],"subnets":[]}],"ordered_placement_strategy":[],"placement_constraints":[],"service_connect_configuration":[],"service_registries":[],"tags":{},"tags_all":{},"triggers":{},"volume_configuration":[],"vpc_lattice_configurations":[]}}},{"address":"aws_ecs_task_definition.app","mode":"managed","type":"aws_ecs_task_definition","name":"app","provider_name":"registry.terraform.io/hashicorp/aws","change":{"actions":["create"],"before":null,"after":{"cpu":"256","ephemeral_storage":[],"family":"my-service","inference_accelerator":[],"ipc_mode":null,"memory":"512","network_mode":"awsvpc","pid_mode":null,"placement_constraints":[],"proxy_configuration":[],"requires_compatibilities":["FARGATE"],"runtime_platform":[{"cpu_architecture":"X86_64","operating_system_family":"LINUX"}],"skip_destroy":false,"tags":{"Name":"hello-node-dev-taskdef"},"tags_all":{"Environment":"dev","ManagedBy":"terraform","Name":"hello-node-dev-taskdef","Project":"hello-node"},"task_role_arn":null,"track_latest":false,"volume":[]},"after_unknown":{"arn":true,"arn_without_revision":true,"container_definitions":true,"enable_fault_injection":true,"ephemeral_storage":[],"execution_role_arn":true,"id":true,"inference_accelerator":[],"placement_constraints":[],"proxy_configuration":[],"requires_compatibilities":[false],"revision":true,"runtime_platform":[{}],"tags":{},"tags_all":{},"volume":[]},"before_sensitive":false,"after_sensitive":{"ephemeral_storage":[],"inference_accelerator":[],"placement_constraints":[],"proxy_configuration":[],"requires_compatibilities":[false],"runtime_platform":[{}],"tags":{},"tags_all":{},"volume":[]}}},{"address":"aws_eip.nat[0]","mode":"managed","type":"aws_eip","name":"nat","index":0,"provider_name":"registry.terraform.io/hashicorp/aws","change":{"actions":["create"],"before":null,"after":{"address":null,"associate_with_private_ip":null,"customer_owned_ipv4_pool":null,"domain":"vpc","tags":{"Name":"hello-node-dev-nat-eip-1"},"tags_all":{"Environment":"dev","ManagedBy":"terraform","Name":"hello-node-dev-nat-eip-1","Project":"hello-node"},"timeouts":null},"after_unknown":{"allocation_id":true,"arn":true,"association_id":true,"carrier_ip":true,"customer_owned_ip":true,"id":true,"instance":true,"ipam_pool_id":true,"network_border_group":true,"network_interface":true,"private_dns":true,"private_ip":true,"ptr_record":true,"public_dns":true,"public_ip":true,"public_ipv4_pool":true,"tags":{},"tags_all":{},"vpc":true},"before_sensitive":false,"after_sensitive":{"tags":{},"tags_all":{}}}},{"address":"aws_eip.nat[1]","mode":"managed","type":"aws_eip","name":"nat","index":1,"provider_name":"registry.terraform.io/hashicorp/aws","change":{"actions":["create"],"before":null,"after":{"address":null,"associate_with_private_ip":null,"customer_owned_ipv4_pool":null,"domain":"vpc","tags":{"Name":"hello-node-dev-nat-eip-2"},"tags_all":{"Environment":"dev","ManagedBy":"terraform","Name":"hello-node-dev-nat-eip-2","Project":"hello-node"},"timeouts":null},"after_unknown":{"allocation_id":true,"arn":true,"association_id":true,"carrier_ip":true,"customer_owned_ip":true,"id":true,"instance":true,"ipam_pool_id":true,"network_border_group":true,"network_interface":true,"private_dns":true,"private_ip":true,"ptr_record":true,"public_dns":true,"public_ip":true,"public_ipv4_pool":true,"tags":{},"tags_all":{},"vpc":true},"before_sensitive":false,"after_sensitive":{"tags":{},"tags_all":{}}}},{"address":"aws_iam_role.ecs_task_execution","mode":"managed","type":"aws_iam_role","name":"ecs_task_execution","provider_name":"registry.terraform.io/hashicorp/aws","change":{"actions":["create"],"before":null,"after":{"assume_role_policy":"{\"Statement\":[{\"Action\":\"sts:AssumeRole\",\"Effect\":\"Allow\",\"Principal\":{\"Service\":\"ecs-tasks.amazonaws.com\"}}],\"Version\":\"2012-10-17\"}","description":null,"force_detach_policies":false,"max_session_duration":3600,"name":"hello-node-dev-ecs-task-exec","path":"/","permissions_boundary":null,"tags":null,"tags_all":{"Environment":"dev","ManagedBy":"terraform","Project":"hello-node"}},"after_unknown":{"arn":true,"create_date":true,"id":true,"inline_policy":true,"managed_policy_arns":true,"name_prefix":true,"tags_all":{},"unique_id":true},"before_sensitive":false,"after_sensitive":{"inline_policy":[],"managed_policy_arns":[],"tags_all":{}}}},{"address":"aws_iam_role_policy_attachment.ecs_task_execution","mode":"managed","type":"aws_iam_role_policy_attachment","name":"ecs_task_execution","provider_name":"registry.terraform.io/hashicorp/aws","change":{"actions":["create"],"before":null,"after":{"policy_arn":"arn:aws:iam::aws:policy/service-role/AmazonECSTaskExecutionRolePolicy","role":"hello-node-dev-ecs-task-exec"},"after_unknown":{"id":true},"before_sensitive":false,"after_sensitive":{}}},{"address":"aws_internet_gateway.this","mode":"managed","type":"aws_internet_gateway","name":"this","provider_name":"registry.terraform.io/hashicorp/aws","change":{"actions":["create"],"before":null,"after":{"tags":{"Name":"hello-node-dev-igw"},"tags_all":{"Environment":"dev","ManagedBy":"terraform","Name":"hello-node-dev-igw","Project":"hello-node"},"timeouts":null},"after_unknown":{"arn":true,"id":true,"owner_id":true,"tags":{},"tags_all":{},"vpc_id":true},"before_sensitive":false,"after_sensitive":{"tags":{},"tags_all":{}}}},{"address":"aws_lb.app","mode":"managed","type":"aws_lb","name":"app","provider_name":"registry.terraform.io/hashicorp/aws","change":{"actions":["create"],"before":null,"after":{"access_logs":[],"client_keep_alive":3600,"connection_logs":[],"customer_owned_ipv4_pool":null,"desync_mitigation_mode":"defensive","dns_record_client_routing_policy":null,"drop_invalid_header_fields":true,"enable_cross_zone_load_balancing":null,"enable_deletion_protection":false,"enable_http2":true,"enable_tls_version_and_cipher_suite_headers":false,"enable_waf_fail_open":false,"enable_xff_client_port":false,"enable_zonal_shift":false,"idle_timeout":60,"internal":false,"ipam_pools":[],"load_balancer_type":"application","minimum_load_balancer_capacity":[],"name":"hello-node-dev","preserve_host_header":false,"tags":{"Name":"hello-node-dev-alb"},"tags_all":{"Environment":"dev","ManagedBy":"terraform","Name":"hello-node-dev-alb","Project":"hello-node"},"timeouts":null,"xff_header_processing_mode":"append"},"after_unknown":{"access_logs":[],"arn":true,"arn_suffix":true,"connection_logs":[],"dns_name":true,"enforce_security_group_inbound_rules_on_private_link_traffic":true,"id":true,"ip_address_type":true,"ipam_pools":[],"minimum_load_balancer_capacity":[],"name_prefix":true,"security_groups":true,"subnet_mapping":true,"subnets":true,"tags":{},"tags_all":{},"vpc_id":true,"zone_id":true},"before_sensitive":false,"after_sensitive":{"access_logs":[],"connection_logs":[],"ipam_pools":[],"minimum_load_balancer_capacity":[],"security_groups":[],"subnet_mapping":[],"subnets":[],"tags":{},"tags_all":{}}}},{"address":"aws_lb_listener.http","mode":"managed","type":"aws_lb_listener","name":"http","provider_name":"registry.terraform.io/hashicorp/aws","change":{"actions":["create"],"before":null,"after":{"alpn_policy":null,"certificate_arn":null,"default_action":[{"authenticate_cognito":[],"authenticate_oidc":[],"fixed_response":[],"forward":[],"redirect":[],"type":"forward"}],"port":80,"protocol":"HTTP","tags":null,"tags_all":{"Environment":"dev","ManagedBy":"terraform","Project":"hello-node"},"timeouts":null},"after_unknown":{"arn":true,"default_action":[{"authenticate_cognito":[],"authenticate_oidc":[],"fixed_response":[],"forward":[],"order":true,"redirect":[],"target_group_arn":true}],"id":true,"load_balancer_arn":true,"mutual_authentication":true,"routing_http_request_x_amzn_mtls_clientcert_header_name":true,"routing_http_request_x_amzn_mtls_clientcert_issuer_header_name":true,"routing_http_request_x_amzn_mtls_clientcert_leaf_header_name":true,"routing_http_request_x_amzn_mtls_clientcert_serial_number_header_name":true,"routing_http_request_x_amzn_mtls_clientcert_subject_header_name":true,"routing_http_request_x_amzn_mtls_clientcert_validity_header_name":true,"routing_http_request_x_amzn_tls_cipher_suite_header_name":true,"routing_http_request_x_amzn_tls_version_header_name":true,"routing_http_response_access_control_allow_credentials_header_value":true,"routing_http_response_access_control_allow_headers_header_value":true,"routing_http_response_access_control_allow_methods_header_value":true,"routing_http_response_access_control_allow_origin_header_value":true,"routing_http_response_access_control_expose_headers_header_value":true,"routing_http_response_access_control_max_age_header_value":true,"routing_http_response_content_security_policy_header_value":true,"routing_http_response_server_enabled":true,"routing_http_response_strict_transport_security_header_value":true,"routing_http_response_x_content_type_options_header_value":true,"routing_http_response_x_frame_options_header_value":true,"ssl_policy":true,"tags_all":{},"tcp_idle_timeout_seconds":true},"before_sensitive":false,"after_sensitive":{"default_action":[{"authenticate_cognito":[],"authenticate_oidc":[],"fixed_response":[],"forward":[],"redirect":[]}],"mutual_authentication":[],"tags_all":{}}}},{"address":"aws_lb_target_group.app","mode":"managed","type":"aws_lb_target_group","name":"app","provider_name":"registry.terraform.io/hashicorp/aws","change":{"actions":["create"],"before":null,"after":{"deregistration_delay":"300","health_check":[{"enabled":true,"healthy_threshold":2,"interval":30,"matcher":"200-399","path":"/","port":"traffic-port","protocol":"HTTP","timeout":5,"unhealthy_threshold":2}],"lambda_multi_value_headers_enabled":false,"name":"hello-node-dev-tg","port":3000,"protocol":"HTTP","proxy_protocol_v2":false,"slow_start":0,"tags":{"Name":"hello-node-dev-tg"},"tags_all":{"Environment":"dev","ManagedBy":"terraform","Name":"hello-node-dev-tg","Project":"hello-node"},"target_type":"ip"},"after_unknown":{"arn":true,"arn_suffix":true,"connection_termination":true,"health_check":[{}],"id":true,"ip_address_type":true,"load_balancer_arns":true,"load_balancing_algorithm_type":true,"load_balancing_anomaly_mitigation":true,"load_balancing_cross_zone_enabled":true,"name_prefix":true,"preserve_client_ip":true,"protocol_version":true,"stickiness":true,"tags":{},"tags_all":{},"target_failover":true,"target_group_health":true,"target_health_state":true,"vpc_id":true},"before_sensitive":false,"after_sensitive":{"health_check":[{}],"load_balancer_arns":[],"stickiness":[],"tags":{},"tags_all":{},"target_failover":[],"target_group_health":[],"target_health_state":[]}}},{"address":"aws_nat_gateway.this[0]","mode":"managed","type":"aws_nat_gateway","name":"this","index":0,"provider_name":"registry.terraform.io/hashicorp/aws","change":{"actions":["create"],"before":null,"after":{"connectivity_type":"public","secondary_allocation_ids":null,"tags":{"Name":"hello-node-dev-nat-1"},"tags_all":{"Environment":"dev","ManagedBy":"terraform","Name":"hello-node-dev-nat-1","Project":"hello-node"},"timeouts":null},"after_unknown":{"allocation_id":true,"association_id":true,"id":true,"network_interface_id":true,"private_ip":true,"public_ip":true,"secondary_private_ip_address_count":true,"secondary_private_ip_addresses":true,"subnet_id":true,"tags":{},"tags_all":{}},"before_sensitive":false,"after_sensitive":{"secondary_private_ip_addresses":[],"tags":{},"tags_all":{}}}},{"address":"aws_nat_gateway.this[1]","mode":"managed","type":"aws_nat_gateway","name":"this","index":1,"provider_name":"registry.terraform.io/hashicorp/aws","change":{"actions":["create"],"before":null,"after":{"connectivity_type":"public","secondary_allocation_ids":null,"tags":{"Name":"hello-node-dev-nat-2"},"tags_all":{"Environment":"dev","ManagedBy":"terraform","Name":"hello-node-dev-nat-2","Project":"hello-node"},"timeouts":null},"after_unknown":{"allocation_id":true,"association_id":true,"id":true,"network_interface_id":true,"private_ip":true,"public_ip":true,"secondary_private_ip_address_count":true,"secondary_private_ip_addresses":true,"subnet_id":true,"tags":{},"tags_all":{}},"before_sensitive":false,"after_sensitive":{"secondary_private_ip_addresses":[],"tags":{},"tags_all":{}}}},{"address":"aws_route.private_nat[0]","mode":"managed","type":"aws_route","name":"private_nat","index":0,"provider_name":"registry.terraform.io/hashicorp/aws","change":{"actions":["create"],"before":null,"after":{"carrier_gateway_id":null,"core_network_arn":null,"destination_cidr_block":"0.0.0.0/0","destination_ipv6_cidr_block":null,"destination_prefix_list_id":null,"egress_only_gateway_id":null,"gateway_id":null,"local_gateway_id":null,"timeouts":null,"transit_gateway_id":null,"vpc_endpoint_id":null,"vpc_peering_connection_id":null},"after_unknown":{"id":true,"instance_id":true,"instance_owner_id":true,"nat_gateway_id":true,"network_interface_id":true,"origin":true,"route_table_id":true,"state":true},"before_sensitive":false,"after_sensitive":{}}},{"address":"aws_route.private_nat[1]","mode":"managed","type":"aws_route","name":"private_nat","index":1,"provider_name":"registry.terraform.io/hashicorp/aws","change":{"actions":["create"],"before":null,"after":{"carrier_gateway_id":null,"core_network_arn":null,"destination_cidr_block":"0.0.0.0/0","destination_ipv6_cidr_block":null,"destination_prefix_list_id":null,"egress_only_gateway_id":null,"gateway_id":null,"local_gateway_id":null,"timeouts":null,"transit_gateway_id":null,"vpc_endpoint_id":null,"vpc_peering_connection_id":null},"after_unknown":{"id":true,"instance_id":true,"instance_owner_id":true,"nat_gateway_id":true,"network_interface_id":true,"origin":true,"route_table_id":true,"state":true},"before_sensitive":false,"after_sensitive":{}}},{"address":"aws_route.public_internet","mode":"managed","type":"aws_route","name":"public_internet","provider_name":"registry.terraform.io/hashicorp/aws","change":{"actions":["create"],"before":null,"after":{"carrier_gateway_id":null,"core_network_arn":null,"destination_cidr_block":"0.0.0.0/0","destination_ipv6_cidr_block":null,"destination_prefix_list_id":null,"egress_only_gateway_id":null,"local_gateway_id":null,"nat_gateway_id":null,"timeouts":null,"transit_gateway_id":null,"vpc_endpoint_id":null,"vpc_peering_connection_id":null},"after_unknown":{"gateway_id":true,"id":true,"instance_id":true,"instance_owner_id":true,"network_interface_id":true,"origin":true,"route_table_id":true,"state":true},"before_sensitive":false,"after_sensitive":{}}},{"address":"aws_route_table.private[0]","mode":"managed","type":"aws_route_table","name":"private","index":0,"provider_name":"registry.terraform.io/hashicorp/aws","change":{"actions":["create"],"before":null,"after":{"tags":{"Name":"hello-node-dev-private-rt-1"},"tags_all":{"Environment":"dev","ManagedBy":"terraform","Name":"hello-node-dev-private-rt-1","Project":"hello-node"},"timeouts":null},"after_unknown":{"arn":true,"id":true,"owner_id":true,"propagating_vgws":true,"route":true,"tags":{},"tags_all":{},"vpc_id":true},"before_sensitive":false,"after_sensitive":{"propagating_vgws":[],"route":[],"tags":{},"tags_all":{}}}},{"address":"aws_route_table.private[1]","mode":"managed","type":"aws_route_table","name":"private","index":1,"provider_name":"registry.terraform.io/hashicorp/aws","change":{"actions":["create"],"before":null,"after":{"tags":{"Name":"hello-node-dev-private-rt-2"},"tags_all":{"Environment":"dev","ManagedBy":"terraform","Name":"hello-node-dev-private-rt-2","Project":"hello-node"},"timeouts":null},"after_unknown":{"arn":true,"id":true,"owner_id":true,"propagating_vgws":true,"route":true,"tags":{},"tags_all":{},"vpc_id":true},"before_sensitive":false,"after_sensitive":{"propagating_vgws":[],"route":[],"tags":{},"tags_all":{}}}},{"address":"aws_route_table.public","mode":"managed","type":"aws_route_table","name":"public","provider_name":"registry.terraform.io/hashicorp/aws","change":{"actions":["create"],"before":null,"after":{"tags":{"Name":"hello-node-dev-public-rt"},"tags_all":{"Environment":"dev","ManagedBy":"terraform","Name":"hello-node-dev-public-rt","Project":"hello-node"},"timeouts":null},"after_unknown":{"arn":true,"id":true,"owner_id":true,"propagating_vgws":true,"route":true,"tags":{},"tags_all":{},"vpc_id":true},"before_sensitive":false,"after_sensitive":{"propagating_vgws":[],"route":[],"tags":{},"tags_all":{}}}},{"address":"aws_route_table_association.private[0]","mode":"managed","type":"aws_route_table_association","name":"private","index":0,"provider_name":"registry.terraform.io/hashicorp/aws","change":{"actions":["create"],"before":null,"after":{"gateway_id":null,"timeouts":null},"after_unknown":{"id":true,"route_table_id":true,"subnet_id":true},"before_sensitive":false,"after_sensitive":{}}},{"address":"aws_route_table_association.private[1]","mode":"managed","type":"aws_route_table_association","name":"private","index":1,"provider_name":"registry.terraform.io/hashicorp/aws","change":{"actions":["create"],"before":null,"after":{"gateway_id":null,"timeouts":null},"after_unknown":{"id":true,"route_table_id":true,"subnet_id":true},"before_sensitive":false,"after_sensitive":{}}},{"address":"aws_route_table_association.public[0]","mode":"managed","type":"aws_route_table_association","name":"public","index":0,"provider_name":"registry.terraform.io/hashicorp/aws","change":{"actions":["create"],"before":null,"after":{"gateway_id":null,"timeouts":null},"after_unknown":{"id":true,"route_table_id":true,"subnet_id":true},"before_sensitive":false,"after_sensitive":{}}},{"address":"aws_route_table_association.public[1]","mode":"managed","type":"aws_route_table_association","name":"public","index":1,"provider_name":"registry.terraform.io/hashicorp/aws","change":{"actions":["create"],"before":null,"after":{"gateway_id":null,"timeouts":null},"after_unknown":{"id":true,"route_table_id":true,"subnet_id":true},"before_sensitive":false,"after_sensitive":{}}},{"address":"aws_security_group.alb","mode":"managed","type":"aws_security_group","name":"alb","provider_name":"registry.terraform.io/hashicorp/aws","change":{"actions":["create"],"before":null,"after":{"description":"ALB security group","egress":[{"cidr_blocks":["0.0.0.0/0"],"description":"","from_port":0,"ipv6_cidr_blocks":[],"prefix_list_ids":[],"protocol":"-1","security_groups":[],"self":false,"to_port":0}],"ingress":[{"cidr_blocks":["0.0.0.0/0"],"description":"HTTP","from_port":80,"ipv6_cidr_blocks":[],"prefix_list_ids":[],"protocol":"tcp","security_groups":[],"self":false,"to_port":80}],"name":"hello-node-dev-alb-sg","revoke_rules_on_delete":false,"tags":{"Name":"hello-node-dev-alb-sg"},"tags_all":{"Environment":"dev","ManagedBy":"terraform","Name":"hello-node-dev-alb-sg","Project":"hello-node"},"timeouts":null},"after_unknown":{"arn":true,"egress":[{"cidr_blocks":[false],"ipv6_cidr_blocks":[],"prefix_list_ids":[],"security_groups":[]}],"id":true,"ingress":[{"cidr_blocks":[false],"ipv6_cidr_blocks":[],"prefix_list_ids":[],"security_groups":[]}],"name_prefix":true,"owner_id":true,"tags":{},"tags_all":{},"vpc_id":true},"before_sensitive":false,"after_sensitive":{"egress":[{"cidr_blocks":[false],"ipv6_cidr_blocks":[],"prefix_list_ids":[],"security_groups":[]}],"ingress":[{"cidr_blocks":[false],"ipv6_cidr_blocks":[],"prefix_list_ids":[],"security_groups":[]}],"tags":{},"tags_all":{}}}},{"address":"aws_security_group.ecs_tasks","mode":"managed","type":"aws_security_group","name":"ecs_tasks","provider_name":"registry.terraform.io/hashicorp/aws","change":{"actions":["create"],"before":null,"after":{"description":"ECS tasks security group","egress":[{"cidr_blocks":["0.0.0.0/0"],"description":"","from_port":0,"ipv6_cidr_blocks":[],"prefix_list_ids":[],"protocol":"-1","security_groups":[],"self":false,"to_port":0}],"ingress":[{"cidr_blocks":[],"description":"App from ALB","from_port":3000,"ipv6_cidr_blocks":[],"prefix_list_ids":[],"protocol":"tcp","self":false,"to_port":3000}],"name":"hello-node-dev-ecs-tasks-sg","revoke_rules_on_delete":false,"tags":{"Name":"hello-node-dev-ecs-tasks-sg"},"tags_all":{"Environment":"dev","ManagedBy":"terraform","Name":"hello-node-dev-ecs-tasks-sg","Project":"hello-node"},"timeouts":null},"after_unknown":{"arn":true,"egress":[{"cidr_blocks":[false],"ipv6_cidr_blocks":[],"prefix_list_ids":[],"security_groups":[]}],"id":true,"ingress":[{"cidr_blocks":[],"ipv6_cidr_blocks":[],"prefix_list_ids":[],"security_groups":true}],"name_prefix":true,"owner_id":true,"tags":{},"tags_all":{},"vpc_id":true},"before_sensitive":false,"after_sensitive":{"egress":[{"cidr_blocks":[false],"ipv6_cidr_blocks":[],"prefix_list_ids":[],"security_groups":[]}],"ingress":[{"cidr_blocks":[],"ipv6_cidr_blocks":[],"prefix_list_ids":[],"security_groups":[]}],"tags":{},"tags_all":{}}}},{"address":"aws_subnet.private[0]","mode":"managed","type":"aws_subnet","name":"private","index":0,"provider_name":"registry.terraform.io/hashicorp/aws","change":{"actions":["create"],"before":null,"after":{"assign_ipv6_address_on_creation":false,"availability_zone":"us-east-1a","cidr_block":"10.0.10.0/24","customer_owned_ipv4_pool":null,"enable_dns64":false,"enable_lni_at_device_index":null,"enable_resource_name_dns_a_record_on_launch":false,"enable_resource_name_dns_aaaa_record_on_launch":false,"ipv6_cidr_block":null,"ipv6_native":false,"map_customer_owned_ip_on_launch":null,"map_public_ip_on_launch":false,"outpost_arn":null,"tags":{"Name":"hello-node-dev-private-1","Tier":"private"},"tags_all":{"Environment":"dev","ManagedBy":"terraform","Name":"hello-node-dev-private-1","Project":"hello-node","Tier":"private"},"timeouts":null},"after_unknown":{"arn":true,"availability_zone_id":true,"id":true,"ipv6_cidr_block_association_id":true,"owner_id":true,"private_dns_hostname_type_on_launch":true,"tags":{},"tags_all":{},"vpc_id":true},"before_sensitive":false,"after_sensitive":{"tags":{},"tags_all":{}}}},{"address":"aws_subnet.private[1]","mode":"managed","type":"aws_subnet","name":"private","index":1,"provider_name":"registry.terraform.io/hashicorp/aws","change":{"actions":["create"],"before":null,"after":{"assign_ipv6_address_on_creation":false,"availability_zone":"us-east-1b","cidr_block":"10.0.11.0/24","customer_owned_ipv4_pool":null,"enable_dns64":false,"enable_lni_at_device_index":null,"enable_resource_name_dns_a_record_on_launch":false,"enable_resource_name_dns_aaaa_record_on_launch":false,"ipv6_cidr_block":null,"ipv6_native":false,"map_customer_owned_ip_on_launch":null,"map_public_ip_on_launch":false,"outpost_arn":null,"tags":{"Name":"hello-node-dev-private-2","Tier":"private"},"tags_all":{"Environment":"dev","ManagedBy":"terraform","Name":"hello-node-dev-private-2","Project":"hello-node","Tier":"private"},"timeouts":null},"after_unknown":{"arn":true,"availability_zone_id":true,"id":true,"ipv6_cidr_block_association_id":true,"owner_id":true,"private_dns_hostname_type_on_launch":true,"tags":{},"tags_all":{},"vpc_id":true},"before_sensitive":false,"after_sensitive":{"tags":{},"tags_all":{}}}},{"address":"aws_subnet.public[0]","mode":"managed","type":"aws_subnet","name":"public","index":0,"provider_name":"registry.terraform.io/hashicorp/aws","change":{"actions":["create"],"before":null,"after":{"assign_ipv6_address_on_creation":false,"availability_zone":"us-east-1a","cidr_block":"10.0.0.0/24","customer_owned_ipv4_pool":null,"enable_dns64":false,"enable_lni_at_device_index":null,"enable_resource_name_dns_a_record_on_launch":false,"enable_resource_name_dns_aaaa_record_on_launch":false,"ipv6_cidr_block":null,"ipv6_native":false,"map_customer_owned_ip_on_launch":null,"map_public_ip_on_launch":true,"outpost_arn":null,"tags":{"Name":"hello-node-dev-public-1","Tier":"public"},"tags_all":{"Environment":"dev","ManagedBy":"terraform","Name":"hello-node-dev-public-1","Project":"hello-node","Tier":"public"},"timeouts":null},"after_unknown":{"arn":true,"availability_zone_id":true,"id":true,"ipv6_cidr_block_association_id":true,"owner_id":true,"private_dns_hostname_type_on_launch":true,"tags":{},"tags_all":{},"vpc_id":true},"before_sensitive":false,"after_sensitive":{"tags":{},"tags_all":{}}}},{"address":"aws_subnet.public[1]","mode":"managed","type":"aws_subnet","name":"public","index":1,"provider_name":"registry.terraform.io/hashicorp/aws","change":{"actions":["create"],"before":null,"after":{"assign_ipv6_address_on_creation":false,"availability_zone":"us-east-1b","cidr_block":"10.0.1.0/24","customer_owned_ipv4_pool":null,"enable_dns64":false,"enable_lni_at_device_index":null,"enable_resource_name_dns_a_record_on_launch":false,"enable_resource_name_dns_aaaa_record_on_launch":false,"ipv6_cidr_block":null,"ipv6_native":false,"map_customer_owned_ip_on_launch":null,"map_public_ip_on_launch":true,"outpost_arn":null,"tags":{"Name":"hello-node-dev-public-2","Tier":"public"},"tags_all":{"Environment":"dev","ManagedBy":"terraform","Name":"hello-node-dev-public-2","Project":"hello-node","Tier":"public"},"timeouts":null},"after_unknown":{"arn":true,"availability_zone_id":true,"id":true,"ipv6_cidr_block_association_id":true,"owner_id":true,"private_dns_hostname_type_on_launch":true,"tags":{},"tags_all":{},"vpc_id":true},"before_sensitive":false,"after_sensitive":{"tags":{},"tags_all":{}}}},{"address":"aws_vpc.this","mode":"managed","type":"aws_vpc","name":"this","provider_name":"registry.terraform.io/hashicorp/aws","change":{"actions":["create"],"before":null,"after":{"assign_generated_ipv6_cidr_block":null,"cidr_block":"10.0.0.0/16","enable_dns_hostnames":true,"enable_dns_support":true,"instance_tenancy":"default","ipv4_ipam_pool_id":null,"ipv4_netmask_length":null,"ipv6_ipam_pool_id":null,"ipv6_netmask_length":null,"tags":{"Name":"hello-node-dev"},"tags_all":{"Environment":"dev","ManagedBy":"terraform","Name":"hello-node-dev","Project":"hello-node"}},"after_unknown":{"arn":true,"default_network_acl_id":true,"default_route_table_id":true,"default_security_group_id":true,"dhcp_options_id":true,"enable_network_address_usage_metrics":true,"id":true,"ipv6_association_id":true,"ipv6_cidr_block":true,"ipv6_cidr_block_network_border_group":true,"main_route_table_id":true,"owner_id":true,"tags":{},"tags_all":{}},"before_sensitive":false,"after_sensitive":{"tags":{},"tags_all":{}}}}],"output_changes":{"alb_dns_name":{"actions":["create"],"before":null,"after_unknown":true,"before_sensitive":false,"after_sensitive":false},"app_url":{"actions":["create"],"before":null,"after_unknown":true,"before_sensitive":false,"after_sensitive":false},"ecr_repository_url":{"actions":["create"],"before":null,"after_unknown":true,"before_sensitive":false,"after_sensitive":false},"ecs_cluster_name":{"actions":["create"],"before":null,"after":"my-ecs-cluster","after_unknown":false,"before_sensitive":false,"after_sensitive":false},"ecs_service_name":{"actions":["create"],"before":null,"after":"my-service","after_unknown":false,"before_sensitive":false,"after_sensitive":false},"github_actions_role_arn":{"actions":["no-op"],"before":null,"after":null,"after_unknown":false,"before_sensitive":false,"after_sensitive":false}},"prior_state":{"format_version":"1.0","terraform_version":"1.13.5","values":{"outputs":{"ecs_cluster_name":{"sensitive":false,"value":"my-ecs-cluster","type":"string"},"ecs_service_name":{"sensitive":false,"value":"my-service","type":"string"}},"root_module":{"resources":[{"address":"data.aws_availability_zones.available","mode":"data","type":"aws_availability_zones","name":"available","provider_name":"registry.terraform.io/hashicorp/aws","schema_version":0,"values":{"all_availability_zones":null,"exclude_names":null,"exclude_zone_ids":null,"filter":null,"group_names":[""],"id":"us-east-1","names":["us-east-1a","us-east-1b","us-east-1c","us-east-1d","us-east-1e","us-east-1f"],"state":"available","timeouts":null,"zone_ids":["use1-az6","use1-az1","use1-az2","use1-az4","use1-az3","use1-az5"]},"sensitive_values":{"group_names":[false],"names":[false,false,false,false,false,false],"zone_ids":[false,false,false,false,false,false]}}]}}},"configuration":{"provider_config":{"aws":{"name":"aws","full_name":"registry.terraform.io/hashicorp/aws","version_constraint":"~\u003e 5.0","expressions":{"default_tags":[{"tags":{"references":["var.project_name","var.environment"]}}],"region":{"references":["var.aws_region"]}}}},"root_module":{"outputs":{"alb_dns_name":{"expression":{"references":["aws_lb.app.dns_name","aws_lb.app"]},"description":"Public DNS name of the ALB."},"app_url":{"expression":{"references":["var.enable_https","var.domain_name","aws_lb.app.dns_name","aws_lb.app"]},"description":"Convenience URL for the app."},"ecr_repository_url":{"expression":{"references":["aws_ecr_repository.app.repository_url","aws_ecr_repository.app"]},"description":"ECR repository URL to push images to."},"ecs_cluster_name":{"expression":{"references":["aws_ecs_cluster.this.name","aws_ecs_cluster.this"]}},"ecs_service_name":{"expression":{"references":["aws_ecs_service.app.name","aws_ecs_service.app"]}},"github_actions_role_arn":{"expression":{"references":["aws_iam_role.github_actions[0].arn","aws_iam_role.github_actions[0]","aws_iam_role.github_actions"]},"description":"If github_repo is set, this is the role ARN to use in GitHub Actions OIDC."}},"resources":[{"address":"aws_acm_certificate.this","mode":"managed","type":"aws_acm_certificate","name":"this","provider_config_key":"aws","expressions":{"domain_name":{"references":["var.domain_name"]},"tags":{"references":["local.name"]},"validation_method":{"constant_value":"DNS"}},"schema_version":0,"count_expression":{"references":["var.enable_https"]}},{"address":"aws_acm_certificate_validation.this","mode":"managed","type":"aws_acm_certificate_validation","name":"this","provider_config_key":"aws","expressions":{"certificate_arn":{"references":["aws_acm_certificate.this[0].arn","aws_acm_certificate.this[0]","aws_acm_certificate.this"]},"validation_record_fqdns":{"references":["aws_route53_record.cert_validation[0].fqdn","aws_route53_record.cert_validation[0]","aws_route53_record.cert_validation"]}},"schema_version":0,"count_expression":{"references":["var.enable_https"]}},{"address":"aws_appautoscaling_policy.cpu","mode":"managed","type":"aws_appautoscaling_policy","name":"cpu","provider_config_key":"aws","expressions":{"name":{"references":["local.name"]},"policy_type":{"constant_value":"TargetTrackingScaling"},"resource_id":{"references":["aws_appautoscaling_target.ecs.resource_id","aws_appautoscaling_target.ecs"]},"scalable_dimension":{"references":["aws_appautoscaling_target.ecs.scalable_dimension","aws_appautoscaling_target.ecs"]},"service_namespace":{"references":["aws_appautoscaling_target.ecs.service_namespace","aws_appautoscaling_target.ecs"]},"target_tracking_scaling_policy_configuration":[{"predefined_metric_specification":[{"predefined_metric_type":{"constant_value":"ECSServiceAverageCPUUtilization"}}],"scale_in_cooldown":{"constant_value":60},"scale_out_cooldown":{"constant_value":60},"target_value":{"constant_value":60}}]},"schema_version":0},{"address":"aws_appautoscaling_target.ecs","mode":"managed","type":"aws_appautoscaling_target","name":"ecs","provider_config_key":"aws","expressions":{"max_capacity":{"constant_value":4},"min_capacity":{"references":["var.desired_count"]},"resource_id":{"references":["aws_ecs_cluster.this.name","aws_ecs_cluster.this","aws_ecs_service.app.name","aws_ecs_service.app"]},"scalable_dimension":{"constant_value":"ecs:service:DesiredCount"},"service_namespace":{"constant_value":"ecs"}},"schema_version":0},{"address":"aws_cloudwatch_log_group.app","mode":"managed","type":"aws_cloudwatch_log_group","name":"app","provider_config_key":"aws","expressions":{"name":{"references":["local.name"]},"retention_in_days":{"constant_value":14},"tags":{"references":["local.name"]}},"schema_version":0},{"address":"aws_ecr_lifecycle_policy.app","mode":"managed","type":"aws_ecr_lifecycle_policy","name":"app","provider_config_key":"aws","expressions":{"policy":{},"repository":{"references":["aws_ecr_repository.app.name","aws_ecr_repository.app"]}},"schema_version":0},{"address":"aws_ecr_repository.app","mode":"managed","type":"aws_ecr_repository","name":"app","provider_config_key":"aws","expressions":{"encryption_configuration":[{"encryption_type":{"constant_value":"AES256"}}],"image_scanning_configuration":[{"scan_on_push":{"constant_value":true}}],"image_tag_mutability":{"constant_value":"MUTABLE"},"name":{"references":["var.ecr_repository_name"]},"tags":{"references":["local.name"]}},"schema_version":0},{"address":"aws_ecs_cluster.this","mode":"managed","type":"aws_ecs_cluster","name":"this","provider_config_key":"aws","expressions":{"name":{"constant_value":"my-ecs-cluster"},"setting":[{"name":{"constant_value":"containerInsights"},"value":{"constant_value":"enabled"}}],"tags":{"references":["local.name"]}},"schema_version":0},{"address":"aws_ecs_service.app","mode":"managed","type":"aws_ecs_service","name":"app","provider_config_key":"aws","expressions":{"cluster":{"references":["aws_ecs_cluster.this.id","aws_ecs_cluster.this"]},"deployment_circuit_breaker":[{"enable":{"constant_value":true},"rollback":{"constant_value":true}}],"deployment_maximum_percent":{"constant_value":200},"deployment_minimum_healthy_percent":{"constant_value":50},"desired_count":{"references":["var.desired_count"]},"launch_type":{"constant_value":"FARGATE"},"load_balancer":[{"container_name":{"constant_value":"app"},"container_port":{"references":["var.container_port"]},"target_group_arn":{"references":["aws_lb_target_group.app.arn","aws_lb_target_group.app"]}}],"name":{"constant_value":"my-service"},"network_configuration":[{"assign_public_ip":{"constant_value":false},"security_groups":{"references":["aws_security_group.ecs_tasks.id","aws_security_group.ecs_tasks"]},"subnets":{"references":["aws_subnet.private"]}}],"tags":{"references":["local.name"]},"task_definition":{"references":["aws_ecs_task_definition.app.arn","aws_ecs_task_definition.app"]}},"schema_version":1,"depends_on":["aws_lb_listener.http"]},{"address":"aws_ecs_task_definition.app","mode":"managed","type":"aws_ecs_task_definition","name":"app","provider_config_key":"aws","expressions":{"container_definitions":{"references":["aws_ecr_repository.app.repository_url","aws_ecr_repository.app","var.image_tag","var.container_port","var.container_port","var.container_port","aws_cloudwatch_log_group.app.name","aws_cloudwatch_log_group.app","var.aws_region"]},"cpu":{"references":["var.task_cpu"]},"execution_role_arn":{"references":["aws_iam_role.ecs_task_execution.arn","aws_iam_role.ecs_task_execution"]},"family":{"constant_value":"my-service"},"memory":{"references":["var.task_memory"]},"network_mode":{"constant_value":"awsvpc"},"requires_compatibilities":{"constant_value":["FARGATE"]},"runtime_platform":[{"cpu_architecture":{"constant_value":"X86_64"},"operating_system_family":{"constant_value":"LINUX"}}],"tags":{"references":["local.name"]}},"schema_version":1},{"address":"aws_eip.nat","mode":"managed","type":"aws_eip","name":"nat","provider_config_key":"aws","expressions":{"domain":{"constant_value":"vpc"},"tags":{"references":["local.name","count.index"]}},"schema_version":0,"count_expression":{"references":["aws_subnet.public"]}},{"address":"aws_iam_openid_connect_provider.github","mode":"managed","type":"aws_iam_openid_connect_provider","name":"github","provider_config_key":"aws","expressions":{"client_id_list":{"constant_value":["sts.amazonaws.com"]},"thumbprint_list":{"constant_value":["6938fd4d98bab03faadb97b34396831e3780aea1"]},"url":{"constant_value":"https://token.actions.githubusercontent.com"}},"schema_version":0,"count_expression":{"references":["var.github_repo"]}},{"address":"aws_iam_role.ecs_task_execution","mode":"managed","type":"aws_iam_role","name":"ecs_task_execution","provider_config_key":"aws","expressions":{"assume_role_policy":{},"name":{"references":["local.name"]}},"schema_version":0},{"address":"aws_iam_role.github_actions","mode":"managed","type":"aws_iam_role","name":"github_actions","provider_config_key":"aws","expressions":{"assume_role_policy":{"references":["aws_iam_openid_connect_provider.github[0].arn","aws_iam_openid_connect_provider.github[0]","aws_iam_openid_connect_provider.github","var.github_repo"]},"name":{"references":["local.name"]}},"schema_version":0,"count_expression":{"references":["var.github_repo"]}},{"address":"aws_iam_role_policy.github_actions","mode":"managed","type":"aws_iam_role_policy","name":"github_actions","provider_config_key":"aws","expressions":{"name":{"references":["local.name"]},"policy":{"references":["aws_iam_role.ecs_task_execution.arn","aws_iam_role.ecs_task_execution"]},"role":{"references":["aws_iam_role.github_actions[0].id","aws_iam_role.github_actions[0]","aws_iam_role.github_actions"]}},"schema_version":0,"count_expression":{"references":["var.github_repo"]}},{"address":"aws_iam_role_policy_attachment.ecs_task_execution","mode":"managed","type":"aws_iam_role_policy_attachment","name":"ecs_task_execution","provider_config_key":"aws","expressions":{"policy_arn":{"constant_value":"arn:aws:iam::aws:policy/service-role/AmazonECSTaskExecutionRolePolicy"},"role":{"references":["aws_iam_role.ecs_task_execution.name","aws_iam_role.ecs_task_execution"]}},"schema_version":0},{"address":"aws_internet_gateway.this","mode":"managed","type":"aws_internet_gateway","name":"this","provider_config_key":"aws","expressions":{"tags":{"references":["local.name"]},"vpc_id":{"references":["aws_vpc.this.id","aws_vpc.this"]}},"schema_version":0},{"address":"aws_lb.app","mode":"managed","type":"aws_lb","name":"app","provider_config_key":"aws","expressions":{"drop_invalid_header_fields":{"constant_value":true},"internal":{"constant_value":false},"load_balancer_type":{"constant_value":"application"},"name":{"references":["local.name"]},"security_groups":{"references":["aws_security_group.alb.id","aws_security_group.alb"]},"subnets":{"references":["aws_subnet.public"]},"tags":{"references":["local.name"]}},"schema_version":0},{"address":"aws_lb_listener.http","mode":"managed","type":"aws_lb_listener","name":"http","provider_config_key":"aws","expressions":{"default_action":[{"target_group_arn":{"references":["aws_lb_target_group.app.arn","aws_lb_target_group.app"]},"type":{"constant_value":"forward"}}],"load_balancer_arn":{"references":["aws_lb.app.arn","aws_lb.app"]},"port":{"constant_value":80},"protocol":{"constant_value":"HTTP"}},"schema_version":0},{"address":"aws_lb_listener.https","mode":"managed","type":"aws_lb_listener","name":"https","provider_config_key":"aws","expressions":{"certificate_arn":{"references":["aws_acm_certificate_validation.this[0].certificate_arn","aws_acm_certificate_validation.this[0]","aws_acm_certificate_validation.this"]},"default_action":[{"target_group_arn":{"references":["aws_lb_target_group.app.arn","aws_lb_target_group.app"]},"type":{"constant_value":"forward"}}],"load_balancer_arn":{"references":["aws_lb.app.arn","aws_lb.app"]},"port":{"constant_value":443},"protocol":{"constant_value":"HTTPS"},"ssl_policy":{"constant_value":"ELBSecurityPolicy-TLS13-1-2-2021-06"}},"schema_version":0,"count_expression":{"references":["var.enable_https"]}},{"address":"aws_lb_target_group.app","mode":"managed","type":"aws_lb_target_group","name":"app","provider_config_key":"aws","expressions":{"health_check":[{"enabled":{"constant_value":true},"healthy_threshold":{"constant_value":2},"interval":{"constant_value":30},"matcher":{"constant_value":"200-399"},"path":{"constant_value":"/"},"timeout":{"constant_value":5},"unhealthy_threshold":{"constant_value":2}}],"name":{"references":["local.name"]},"port":{"references":["var.container_port"]},"protocol":{"constant_value":"HTTP"},"tags":{"references":["local.name"]},"target_type":{"constant_value":"ip"},"vpc_id":{"references":["aws_vpc.this.id","aws_vpc.this"]}},"schema_version":0},{"address":"aws_nat_gateway.this","mode":"managed","type":"aws_nat_gateway","name":"this","provider_config_key":"aws","expressions":{"allocation_id":{"references":["aws_eip.nat","count.index"]},"subnet_id":{"references":["aws_subnet.public","count.index"]},"tags":{"references":["local.name","count.index"]}},"schema_version":0,"count_expression":{"references":["aws_subnet.public"]},"depends_on":["aws_internet_gateway.this"]},{"address":"aws_route.private_nat","mode":"managed","type":"aws_route","name":"private_nat","provider_config_key":"aws","expressions":{"destination_cidr_block":{"constant_value":"0.0.0.0/0"},"nat_gateway_id":{"references":["aws_nat_gateway.this","count.index"]},"route_table_id":{"references":["aws_route_table.private","count.index"]}},"schema_version":0,"count_expression":{"references":["aws_route_table.private"]}},{"address":"aws_route.public_internet","mode":"managed","type":"aws_route","name":"public_internet","provider_config_key":"aws","expressions":{"destination_cidr_block":{"constant_value":"0.0.0.0/0"},"gateway_id":{"references":["aws_internet_gateway.this.id","aws_internet_gateway.this"]},"route_table_id":{"references":["aws_route_table.public.id","aws_route_table.public"]}},"schema_version":0},{"address":"aws_route53_record.app","mode":"managed","type":"aws_route53_record","name":"app","provider_config_key":"aws","expressions":{"alias":[{"evaluate_target_health":{"constant_value":true},"name":{"references":["aws_lb.app.dns_name","aws_lb.app"]},"zone_id":{"references":["aws_lb.app.zone_id","aws_lb.app"]}}],"name":{"references":["var.domain_name"]},"type":{"constant_value":"A"},"zone_id":{"references":["var.hosted_zone_id"]}},"schema_version":2,"count_expression":{"references":["var.enable_https"]}},{"address":"aws_route53_record.cert_validation","mode":"managed","type":"aws_route53_record","name":"cert_validation","provider_config_key":"aws","expressions":{"name":{"references":["local.acm_dvo.resource_record_name","local.acm_dvo"]},"records":{"references":["local.acm_dvo.resource_record_value","local.acm_dvo"]},"ttl":{"constant_value":60},"type":{"references":["local.acm_dvo.resource_record_type","local.acm_dvo"]},"zone_id":{"references":["var.hosted_zone_id"]}},"schema_version":2,"count_expression":{"references":["var.enable_https"]}},{"address":"aws_route_table.private","mode":"managed","type":"aws_route_table","name":"private","provider_config_key":"aws","expressions":{"tags":{"references":["local.name","count.index"]},"vpc_id":{"references":["aws_vpc.this.id","aws_vpc.this"]}},"schema_version":0,"count_expression":{"references":["aws_subnet.private"]}},{"address":"aws_route_table.public","mode":"managed","type":"aws_route_table","name":"public","provider_config_key":"aws","expressions":{"tags":{"references":["local.name"]},"vpc_id":{"references":["aws_vpc.this.id","aws_vpc.this"]}},"schema_version":0},{"address":"aws_route_table_association.private","mode":"managed","type":"aws_route_table_association","name":"private","provider_config_key":"aws","expressions":{"route_table_id":{"references":["aws_route_table.private","count.index"]},"subnet_id":{"references":["aws_subnet.private","count.index"]}},"schema_version":0,"count_expression":{"references":["aws_subnet.private"]}},{"address":"aws_route_table_association.public","mode":"managed","type":"aws_route_table_association","name":"public","provider_config_key":"aws","expressions":{"route_table_id":{"references":["aws_route_table.public.id","aws_route_table.public"]},"subnet_id":{"references":["aws_subnet.public","count.index"]}},"schema_version":0,"count_expression":{"references":["aws_subnet.public"]}},{"address":"aws_security_group.alb","mode":"managed","type":"aws_security_group","name":"alb","provider_config_key":"aws","expressions":{"description":{"constant_value":"ALB security group"},"egress":{"constant_value":[{"cidr_blocks":["0.0.0.0/0"],"description":null,"from_port":0,"ipv6_cidr_blocks":null,"prefix_list_ids":null,"protocol":"-1","security_groups":null,"self":null,"to_port":0}]},"ingress":{"constant_value":[{"cidr_blocks":["0.0.0.0/0"],"description":"HTTP","from_port":80,"ipv6_cidr_blocks":null,"prefix_list_ids":null,"protocol":"tcp","security_groups":null,"self":null,"to_port":80}]},"name":{"references":["local.name"]},"tags":{"references":["local.name"]},"vpc_id":{"references":["aws_vpc.this.id","aws_vpc.this"]}},"schema_version":1},{"address":"aws_security_group.ecs_tasks","mode":"managed","type":"aws_security_group","name":"ecs_tasks","provider_config_key":"aws","expressions":{"description":{"constant_value":"ECS tasks security group"},"egress":{"constant_value":[{"cidr_blocks":["0.0.0.0/0"],"description":null,"from_port":0,"ipv6_cidr_blocks":null,"prefix_list_ids":null,"protocol":"-1","security_groups":null,"self":null,"to_port":0}]},"ingress":{"references":["var.container_port","var.container_port","aws_security_group.alb.id","aws_security_group.alb"]},"name":{"references":["local.name"]},"tags":{"references":["local.name"]},"vpc_id":{"references":["aws_vpc.this.id","aws_vpc.this"]}},"schema_version":1},{"address":"aws_subnet.private","mode":"managed","type":"aws_subnet","name":"private","provider_config_key":"aws","expressions":{"availability_zone":{"references":["data.aws_availability_zones.available.names","data.aws_availability_zones.available","count.index"]},"cidr_block":{"references":["var.private_subnet_cidrs","count.index"]},"map_public_ip_on_launch":{"constant_value":false},"tags":{"references":["local.name","count.index"]},"vpc_id":{"references":["aws_vpc.this.id","aws_vpc.this"]}},"schema_version":1,"count_expression":{"references":["var.private_subnet_cidrs"]}},{"address":"aws_subnet.public","mode":"managed","type":"aws_subnet","name":"public","provider_config_key":"aws","expressions":{"availability_zone":{"references":["data.aws_availability_zones.available.names","data.aws_availability_zones.available","count.index"]},"cidr_block":{"references":["var.public_subnet_cidrs","count.index"]},"map_public_ip_on_launch":{"constant_value":true},"tags":{"references":["local.name","count.index"]},"vpc_id":{"references":["aws_vpc.this.id","aws_vpc.this"]}},"schema_version":1,"count_expression":{"references":["var.public_subnet_cidrs"]}},{"address":"aws_vpc.this","mode":"managed","type":"aws_vpc","name":"this","provider_config_key":"aws","expressions":{"cidr_block":{"references":["var.vpc_cidr"]},"enable_dns_hostnames":{"constant_value":true},"enable_dns_support":{"constant_value":true},"tags":{"references":["local.name"]}},"schema_version":1},{"address":"data.aws_availability_zones.available","mode":"data","type":"aws_availability_zones","name":"available","provider_config_key":"aws","expressions":{"state":{"constant_value":"available"}},"schema_version":0}],"variables":{"aws_region":{"default":"us-east-1","description":"AWS region to deploy into."},"container_port":{"default":3000,"description":"Container port exposed by the application."},"desired_count":{"default":1,"description":"Desired number of ECS tasks."},"domain_name":{"default":null,"description":"FQDN to use for the ALB (e.g., api.example.com). Required if enable_https=true."},"ecr_repository_name":{"default":"hello-node","description":"ECR repository name."},"enable_https":{"default":false,"description":"If true, create ACM cert + HTTPS listener + Route53 record. Requires domain_name and hosted_zone_id."},"environment":{"default":"dev","description":"Environment name (e.g., dev, staging, prod)."},"github_repo":{"default":null,"description":"GitHub repository in the form owner/repo for OIDC trust (optional)."},"hosted_zone_id":{"default":null,"description":"Route53 hosted zone ID for domain_name. Required if enable_https=true."},"image_tag":{"default":"latest","description":"Container image tag to deploy. CI/CD should update this (e.g., git sha)."},"private_subnet_cidrs":{"default":["10.0.10.0/24","10.0.11.0/24"],"description":"Private subnet CIDRs (one per AZ)."},"project_name":{"default":"hello-node","description":"Project/name prefix used for resource naming."},"public_subnet_cidrs":{"default":["10.0.0.0/24","10.0.1.0/24"],"description":"Public subnet CIDRs (one per AZ)."},"task_cpu":{"default":256,"description":"Fargate task CPU units."},"task_memory":{"default":512,"description":"Fargate task memory (MiB)."},"vpc_cidr":{"default":"10.0.0.0/16","description":"CIDR block for the VPC."}}}},"relevant_attributes":[{"resource":"aws_internet_gateway.this","attribute":["id"]},{"resource":"aws_appautoscaling_target.ecs","attribute":["resource_id"]},{"resource":"aws_appautoscaling_target.ecs","attribute":["service_namespace"]},{"resource":"aws_ecs_task_definition.app","attribute":["arn"]},{"resource":"aws_subnet.public","attribute":[]},{"resource":"aws_ecr_repository.app","attribute":["name"]},{"resource":"aws_ecr_repository.app","attribute":["repository_url"]},{"resource":"aws_cloudwatch_log_group.app","attribute":["name"]},{"resource":"aws_iam_role.ecs_task_execution","attribute":["arn"]},{"resource":"aws_nat_gateway.this","attribute":[]},{"resource":"aws_subnet.private","attribute":[]},{"resource":"aws_eip.nat","attribute":[]},{"resource":"aws_ecs_cluster.this","attribute":["id"]},{"resource":"aws_ecs_cluster.this","attribute":["name"]},{"resource":"aws_lb_target_group.app","attribute":["arn"]},{"resource":"aws_lb.app","attribute":["arn"]},{"resource":"aws_route_table.private","attribute":[]},{"resource":"aws_ecs_service.app","attribute":["name"]},{"resource":"aws_iam_role.ecs_task_execution","attribute":["name"]},{"resource":"aws_appautoscaling_target.ecs","attribute":["scalable_dimension"]},{"resource":"aws_security_group.ecs_tasks","attribute":["id"]},{"resource":"aws_lb.app","attribute":["dns_name"]},{"resource":"aws_route_table.public","attribute":["id"]},{"resource":"data.aws_availability_zones.available","attribute":["names"]},{"resource":"aws_security_group.alb","attribute":["id"]},{"resource":"aws_vpc.this","attribute":["id"]}],"timestamp":"2026-01-27T14:52:32Z","applyable":true,"complete":true,"errored":false}
