
Terraform used the selected providers to generate the following execution
plan. Resource actions are indicated with the following symbols:
  + create

Terraform will perform the following actions:

  # aws_cloudwatch_log_group.mongodb_aws_ecs will be created
  + resource "aws_cloudwatch_log_group" "mongodb_aws_ecs" {
      + arn                         = (known after apply)
      + deletion_protection_enabled = (known after apply)
      + id                          = (known after apply)
      + log_group_class             = (known after apply)
      + name                        = "mongodb_aws_ecs"
      + name_prefix                 = (known after apply)
      + region                      = "eu-west-2"
      + retention_in_days           = 1
      + skip_destroy                = false
      + tags                        = {
          + "expire-on" = "2023-03-01"
          + "owner"     = "carlos.castro"
          + "purpose"   = "opportunity"
        }
      + tags_all                    = {
          + "expire-on" = "2023-03-01"
          + "owner"     = "carlos.castro"
          + "purpose"   = "opportunity"
        }
    }

  # aws_ecs_cluster.cluster will be created
  + resource "aws_ecs_cluster" "cluster" {
      + arn      = (known after apply)
      + id       = (known after apply)
      + name     = "carlos-ecs-cluster"
      + region   = "eu-west-2"
      + tags     = {
          + "expire-on" = "2023-03-01"
          + "owner"     = "carlos.castro"
          + "purpose"   = "opportunity"
        }
      + tags_all = {
          + "expire-on" = "2023-03-01"
          + "owner"     = "carlos.castro"
          + "purpose"   = "opportunity"
        }

      + setting (known after apply)
    }

  # aws_ecs_cluster_capacity_providers.capacity_provider will be created
  + resource "aws_ecs_cluster_capacity_providers" "capacity_provider" {
      + capacity_providers = [
          + "FARGATE",
        ]
      + cluster_name       = "carlos-ecs-cluster"
      + id                 = (known after apply)
      + region             = "eu-west-2"

      + default_capacity_provider_strategy {
          + base              = 1
          + capacity_provider = "FARGATE"
          + weight            = 100
        }
    }

  # aws_ecs_service.mongodb_aws_ecs will be created
  + resource "aws_ecs_service" "mongodb_aws_ecs" {
      + arn                                = (known after apply)
      + availability_zone_rebalancing      = (known after apply)
      + cluster                            = (known after apply)
      + deployment_maximum_percent         = 200
      + deployment_minimum_healthy_percent = 100
      + desired_count                      = 1
      + enable_ecs_managed_tags            = true
      + enable_execute_command             = false
      + health_check_grace_period_seconds  = 0
      + iam_role                           = (known after apply)
      + id                                 = (known after apply)
      + launch_type                        = (known after apply)
      + name                               = "mongodb_aws_ecs"
      + platform_version                   = "LATEST"
      + propagate_tags                     = "NONE"
      + region                             = "eu-west-2"
      + scheduling_strategy                = "REPLICA"
      + tags_all                           = (known after apply)
      + task_definition                    = (known after apply)
      + triggers                           = (known after apply)
      + wait_for_steady_state              = false

      + capacity_provider_strategy {
          + base              = 1
          + capacity_provider = "FARGATE"
          + weight            = 100
        }

      + deployment_circuit_breaker {
          + enable   = true
          + rollback = true
        }

      + deployment_configuration (known after apply)

      + deployment_controller {
          + type = "ECS"
        }

      + network_configuration {
          + assign_public_ip = true
        }

      + timeouts {}
    }

  # aws_ecs_task_definition.mongodb_aws_ecs will be created
  + resource "aws_ecs_task_definition" "mongodb_aws_ecs" {
      + arn                      = (known after apply)
      + arn_without_revision     = (known after apply)
      + container_definitions    = jsonencode(
            [
              + {
                  + environment      = [
                      + {
                          + name  = "MONGODB_URI"
                          + value = "terraform"
                        },
                    ]
                  + environmentFiles = []
                  + essential        = true
                  + image            = "terraform"
                  + logConfiguration = {
                      + logDriver = "awslogs"
                      + options   = {
                          + awslogs-group         = "mongodb_aws_ecs"
                          + awslogs-region        = "eu-west-2"
                          + awslogs-stream-prefix = "ecs"
                        }
                    }
                  + mountPoints      = []
                  + name             = "mongodb_aws_ecs"
                  + portMappings     = []
                  + volumesFrom      = []
                },
            ]
        )
      + cpu                      = "1024"
      + enable_fault_injection   = (known after apply)
      + execution_role_arn       = "arn:aws:iam:us-east-1:000000000000:terraform"
      + family                   = "mongodb_aws_ecs"
      + id                       = (known after apply)
      + memory                   = "3072"
      + network_mode             = "awsvpc"
      + region                   = "eu-west-2"
      + requires_compatibilities = [
          + "FARGATE",
        ]
      + revision                 = (known after apply)
      + skip_destroy             = false
      + tags_all                 = (known after apply)
      + task_role_arn            = "arn:aws:iam:us-east-1:000000000000:terraform"
      + track_latest             = false

      + runtime_platform {
          + cpu_architecture        = "X86_64"
          + operating_system_family = "LINUX"
        }
    }

Plan: 5 to add, 0 to change, 0 to destroy.
aws_cloudwatch_log_group.mongodb_aws_ecs: Creating...
aws_ecs_cluster.cluster: Creating...
aws_ecs_task_definition.mongodb_aws_ecs: Creating...
aws_cloudwatch_log_group.mongodb_aws_ecs: Creation complete after 1s [id=mongodb_aws_ecs]
aws_ecs_task_definition.mongodb_aws_ecs: Creation complete after 1s [id=mongodb_aws_ecs]
aws_ecs_cluster.cluster: Still creating... [00m10s elapsed]
aws_ecs_cluster.cluster: Creation complete after 11s [id=arn:aws:ecs:eu-west-2:000000000000:cluster/carlos-ecs-cluster]
aws_ecs_cluster_capacity_providers.capacity_provider: Creating...
aws_ecs_service.mongodb_aws_ecs: Creating...
aws_ecs_cluster_capacity_providers.capacity_provider: Still creating... [00m10s elapsed]
aws_ecs_service.mongodb_aws_ecs: Still creating... [00m10s elapsed]
aws_ecs_cluster_capacity_providers.capacity_provider: Creation complete after 10s [id=carlos-ecs-cluster]
