{"format_version":"1.2","terraform_version":"1.13.5","variables":{"app_name":{"value":"ai-basis-demo"},"aws_region":{"value":"us-east-1"}},"planned_values":{"outputs":{"s3_bucket_name":{"sensitive":false,"type":"string","value":"ai-basis-demo-artifacts"}},"root_module":{"resources":[{"address":"aws_s3_bucket.app_artifacts","mode":"managed","type":"aws_s3_bucket","name":"app_artifacts","provider_name":"registry.terraform.io/hashicorp/aws","schema_version":0,"values":{"bucket":"ai-basis-demo-artifacts","force_destroy":true,"region":"us-east-1","tags":{"Name":"ai-basis-demo-artifacts"},"tags_all":{"Name":"ai-basis-demo-artifacts"},"timeouts":null},"sensitive_values":{"cors_rule":[],"grant":[],"lifecycle_rule":[],"logging":[],"object_lock_configuration":[],"replication_configuration":[],"server_side_encryption_configuration":[],"tags":{},"tags_all":{},"versioning":[],"website":[]},"identity_schema_version":0,"identity":{"account_id":null,"bucket":null,"region":null}}]}},"resource_changes":[{"address":"aws_s3_bucket.app_artifacts","mode":"managed","type":"aws_s3_bucket","name":"app_artifacts","provider_name":"registry.terraform.io/hashicorp/aws","change":{"actions":["create"],"before":null,"after":{"bucket":"ai-basis-demo-artifacts","force_destroy":true,"region":"us-east-1","tags":{"Name":"ai-basis-demo-artifacts"},"tags_all":{"Name":"ai-basis-demo-artifacts"},"timeouts":null},"after_unknown":{"acceleration_status":true,"acl":true,"arn":true,"bucket_domain_name":true,"bucket_prefix":true,"bucket_region":true,"bucket_regional_domain_name":true,"cors_rule":true,"grant":true,"hosted_zone_id":true,"id":true,"lifecycle_rule":true,"logging":true,"object_lock_configuration":true,"object_lock_enabled":true,"policy":true,"replication_configuration":true,"request_payer":true,"server_side_encryption_configuration":true,"tags":{},"tags_all":{},"versioning":true,"website":true,"website_domain":true,"website_endpoint":true},"before_sensitive":false,"after_sensitive":{"cors_rule":[],"grant":[],"lifecycle_rule":[],"logging":[],"object_lock_configuration":[],"replication_configuration":[],"server_side_encryption_configuration":[],"tags":{},"tags_all":{},"versioning":[],"website":[]},"after_identity":{"account_id":null,"bucket":null,"region":null}}}],"output_changes":{"s3_bucket_name":{"actions":["create"],"before":null,"after":"ai-basis-demo-artifacts","after_unknown":false,"before_sensitive":false,"after_sensitive":false}},"prior_state":{"format_version":"1.0","terraform_version":"1.13.5","values":{"outputs":{"s3_bucket_name":{"sensitive":false,"value":"ai-basis-demo-artifacts","type":"string"}},"root_module":{}}},"configuration":{"provider_config":{"aws":{"name":"aws","full_name":"registry.terraform.io/hashicorp/aws","version_constraint":"~\u003e 6.31.0","expressions":{"region":{"references":["var.aws_region"]}}}},"root_module":{"outputs":{"s3_bucket_name":{"expression":{"references":["aws_s3_bucket.app_artifacts.bucket","aws_s3_bucket.app_artifacts"]},"description":"Name of the S3 bucket for app artifacts."}},"resources":[{"address":"aws_s3_bucket.app_artifacts","mode":"managed","type":"aws_s3_bucket","name":"app_artifacts","provider_config_key":"aws","expressions":{"bucket":{"references":["var.app_name"]},"force_destroy":{"constant_value":true},"tags":{"references":["var.app_name"]}},"schema_version":0}],"variables":{"app_name":{"default":"ai-basis-demo","description":"Name of the application"},"aws_region":{"default":"us-east-1","description":"AWS region to deploy resources in"}}}},"relevant_attributes":[{"resource":"aws_s3_bucket.app_artifacts","attribute":["bucket"]}],"timestamp":"2026-02-06T22:59:55Z","applyable":true,"complete":true,"errored":false}
