
Terraform used the selected providers to generate the following execution
plan. Resource actions are indicated with the following symbols:
  + create
 <= read (data resources)

Terraform will perform the following actions:

  # data.aws_iam_policy_document.public_read[0] will be read during apply
  # (config refers to values not yet known)
 <= data "aws_iam_policy_document" "public_read" {
      + id            = (known after apply)
      + json          = (known after apply)
      + minified_json = (known after apply)

      + statement {
          + actions   = [
              + "s3:GetObject",
            ]
          + effect    = "Allow"
          + resources = [
              + (known after apply),
            ]
          + sid       = "PublicReadGetObject"

          + principals {
              + identifiers = [
                  + "*",
                ]
              + type        = "*"
            }
        }
    }

  # aws_s3_bucket.artifacts will be created
  + resource "aws_s3_bucket" "artifacts" {
      + acceleration_status         = (known after apply)
      + acl                         = (known after apply)
      + arn                         = (known after apply)
      + bucket                      = (known after apply)
      + bucket_domain_name          = (known after apply)
      + bucket_prefix               = (known after apply)
      + bucket_region               = (known after apply)
      + bucket_regional_domain_name = (known after apply)
      + force_destroy               = true
      + hosted_zone_id              = (known after apply)
      + id                          = (known after apply)
      + object_lock_enabled         = (known after apply)
      + policy                      = (known after apply)
      + region                      = "us-east-1"
      + request_payer               = (known after apply)
      + tags_all                    = {
          + "ManagedBy" = "terraform"
          + "Project"   = "mkdocs-demo"
        }
      + website_domain              = (known after apply)
      + website_endpoint            = (known after apply)

      + cors_rule (known after apply)

      + grant (known after apply)

      + lifecycle_rule (known after apply)

      + logging (known after apply)

      + object_lock_configuration (known after apply)

      + replication_configuration (known after apply)

      + server_side_encryption_configuration (known after apply)

      + versioning (known after apply)

      + website (known after apply)
    }

  # aws_s3_bucket.site will be created
  + resource "aws_s3_bucket" "site" {
      + acceleration_status         = (known after apply)
      + acl                         = (known after apply)
      + arn                         = (known after apply)
      + bucket                      = (known after apply)
      + bucket_domain_name          = (known after apply)
      + bucket_prefix               = (known after apply)
      + bucket_region               = (known after apply)
      + bucket_regional_domain_name = (known after apply)
      + force_destroy               = true
      + hosted_zone_id              = (known after apply)
      + id                          = (known after apply)
      + object_lock_enabled         = (known after apply)
      + policy                      = (known after apply)
      + region                      = "us-east-1"
      + request_payer               = (known after apply)
      + tags_all                    = {
          + "ManagedBy" = "terraform"
          + "Project"   = "mkdocs-demo"
        }
      + website_domain              = (known after apply)
      + website_endpoint            = (known after apply)

      + cors_rule (known after apply)

      + grant (known after apply)

      + lifecycle_rule (known after apply)

      + logging (known after apply)

      + object_lock_configuration (known after apply)

      + replication_configuration (known after apply)

      + server_side_encryption_configuration (known after apply)

      + versioning (known after apply)

      + website (known after apply)
    }

  # aws_s3_bucket_policy.public_read[0] will be created
  + resource "aws_s3_bucket_policy" "public_read" {
      + bucket = (known after apply)
      + id     = (known after apply)
      + policy = (known after apply)
      + region = "us-east-1"
    }

  # aws_s3_bucket_public_access_block.site will be created
  + resource "aws_s3_bucket_public_access_block" "site" {
      + block_public_acls       = false
      + block_public_policy     = false
      + bucket                  = (known after apply)
      + id                      = (known after apply)
      + ignore_public_acls      = false
      + region                  = "us-east-1"
      + restrict_public_buckets = false
    }

  # aws_s3_bucket_server_side_encryption_configuration.artifacts will be created
  + resource "aws_s3_bucket_server_side_encryption_configuration" "artifacts" {
      + bucket = (known after apply)
      + id     = (known after apply)
      + region = "us-east-1"

      + rule {
          + blocked_encryption_types = []

          + apply_server_side_encryption_by_default {
              + sse_algorithm     = "AES256"
                # (1 unchanged attribute hidden)
            }
        }
    }

  # aws_s3_bucket_server_side_encryption_configuration.site will be created
  + resource "aws_s3_bucket_server_side_encryption_configuration" "site" {
      + bucket = (known after apply)
      + id     = (known after apply)
      + region = "us-east-1"

      + rule {
          + blocked_encryption_types = []

          + apply_server_side_encryption_by_default {
              + sse_algorithm     = "AES256"
                # (1 unchanged attribute hidden)
            }
        }
    }

  # aws_s3_bucket_versioning.artifacts will be created
  + resource "aws_s3_bucket_versioning" "artifacts" {
      + bucket = (known after apply)
      + id     = (known after apply)
      + region = "us-east-1"

      + versioning_configuration {
          + mfa_delete = (known after apply)
          + status     = "Enabled"
        }
    }

  # aws_s3_bucket_versioning.site will be created
  + resource "aws_s3_bucket_versioning" "site" {
      + bucket = (known after apply)
      + id     = (known after apply)
      + region = "us-east-1"

      + versioning_configuration {
          + mfa_delete = (known after apply)
          + status     = "Enabled"
        }
    }

  # aws_s3_bucket_website_configuration.site[0] will be created
  + resource "aws_s3_bucket_website_configuration" "site" {
      + bucket           = (known after apply)
      + id               = (known after apply)
      + region           = "us-east-1"
      + routing_rules    = (known after apply)
      + website_domain   = (known after apply)
      + website_endpoint = (known after apply)

      + error_document {
          + key = "404.html"
        }

      + index_document {
          + suffix = "index.html"
        }

      + routing_rule (known after apply)
    }

  # random_id.suffix will be created
  + resource "random_id" "suffix" {
      + b64_std     = (known after apply)
      + b64_url     = (known after apply)
      + byte_length = 4
      + dec         = (known after apply)
      + hex         = (known after apply)
      + id          = (known after apply)
    }

Plan: 10 to add, 0 to change, 0 to destroy.

Changes to Outputs:
  + artifacts_bucket_arn  = (known after apply)
  + artifacts_bucket_name = (known after apply)
  + site_bucket_arn       = (known after apply)
  + site_bucket_name      = (known after apply)
  + site_website_endpoint = (known after apply)
