{"format_version":"1.2","terraform_version":"1.13.5","variables":{"app_name":{"value":"mkdocs-demo"},"aws_region":{"value":"us-east-1"},"enable_public_website":{"value":true},"environment":{"value":"dev"},"error_document":{"value":"404.html"},"index_document":{"value":"index.html"}},"planned_values":{"outputs":{"artifacts_bucket_arn":{"sensitive":false},"artifacts_bucket_name":{"sensitive":false},"site_bucket_arn":{"sensitive":false},"site_bucket_name":{"sensitive":false},"site_website_endpoint":{"sensitive":false}},"root_module":{"resources":[{"address":"aws_s3_bucket.artifacts","mode":"managed","type":"aws_s3_bucket","name":"artifacts","provider_name":"registry.terraform.io/hashicorp/aws","schema_version":0,"values":{"force_destroy":true,"region":"us-east-1","tags":null,"tags_all":{"ManagedBy":"terraform","Project":"mkdocs-demo"},"timeouts":null},"sensitive_values":{"cors_rule":[],"grant":[],"lifecycle_rule":[],"logging":[],"object_lock_configuration":[],"replication_configuration":[],"server_side_encryption_configuration":[],"tags_all":{},"versioning":[],"website":[]},"identity_schema_version":0,"identity":{"account_id":null,"bucket":null,"region":null}},{"address":"aws_s3_bucket.site","mode":"managed","type":"aws_s3_bucket","name":"site","provider_name":"registry.terraform.io/hashicorp/aws","schema_version":0,"values":{"force_destroy":true,"region":"us-east-1","tags":null,"tags_all":{"ManagedBy":"terraform","Project":"mkdocs-demo"},"timeouts":null},"sensitive_values":{"cors_rule":[],"grant":[],"lifecycle_rule":[],"logging":[],"object_lock_configuration":[],"replication_configuration":[],"server_side_encryption_configuration":[],"tags_all":{},"versioning":[],"website":[]},"identity_schema_version":0,"identity":{"account_id":null,"bucket":null,"region":null}},{"address":"aws_s3_bucket_policy.public_read[0]","mode":"managed","type":"aws_s3_bucket_policy","name":"public_read","index":0,"provider_name":"registry.terraform.io/hashicorp/aws","schema_version":0,"values":{"region":"us-east-1"},"sensitive_values":{},"identity_schema_version":0,"identity":{"account_id":null,"bucket":null,"region":null}},{"address":"aws_s3_bucket_public_access_block.site","mode":"managed","type":"aws_s3_bucket_public_access_block","name":"site","provider_name":"registry.terraform.io/hashicorp/aws","schema_version":0,"values":{"block_public_acls":false,"block_public_policy":false,"ignore_public_acls":false,"region":"us-east-1","restrict_public_buckets":false,"skip_destroy":null},"sensitive_values":{},"identity_schema_version":0,"identity":{"account_id":null,"bucket":null,"region":null}},{"address":"aws_s3_bucket_server_side_encryption_configuration.artifacts","mode":"managed","type":"aws_s3_bucket_server_side_encryption_configuration","name":"artifacts","provider_name":"registry.terraform.io/hashicorp/aws","schema_version":0,"values":{"expected_bucket_owner":null,"region":"us-east-1","rule":[{"apply_server_side_encryption_by_default":[{"kms_master_key_id":"","sse_algorithm":"AES256"}],"blocked_encryption_types":[],"bucket_key_enabled":null}]},"sensitive_values":{"rule":[{"apply_server_side_encryption_by_default":[{}],"blocked_encryption_types":[]}]},"identity_schema_version":0,"identity":{"account_id":null,"bucket":null,"expected_bucket_owner":null,"region":null}},{"address":"aws_s3_bucket_server_side_encryption_configuration.site","mode":"managed","type":"aws_s3_bucket_server_side_encryption_configuration","name":"site","provider_name":"registry.terraform.io/hashicorp/aws","schema_version":0,"values":{"expected_bucket_owner":null,"region":"us-east-1","rule":[{"apply_server_side_encryption_by_default":[{"kms_master_key_id":"","sse_algorithm":"AES256"}],"blocked_encryption_types":[],"bucket_key_enabled":null}]},"sensitive_values":{"rule":[{"apply_server_side_encryption_by_default":[{}],"blocked_encryption_types":[]}]},"identity_schema_version":0,"identity":{"account_id":null,"bucket":null,"expected_bucket_owner":null,"region":null}},{"address":"aws_s3_bucket_versioning.artifacts","mode":"managed","type":"aws_s3_bucket_versioning","name":"artifacts","provider_name":"registry.terraform.io/hashicorp/aws","schema_version":0,"values":{"expected_bucket_owner":null,"mfa":null,"region":"us-east-1","versioning_configuration":[{"status":"Enabled"}]},"sensitive_values":{"versioning_configuration":[{}]},"identity_schema_version":0,"identity":{"account_id":null,"bucket":null,"expected_bucket_owner":null,"region":null}},{"address":"aws_s3_bucket_versioning.site","mode":"managed","type":"aws_s3_bucket_versioning","name":"site","provider_name":"registry.terraform.io/hashicorp/aws","schema_version":0,"values":{"expected_bucket_owner":null,"mfa":null,"region":"us-east-1","versioning_configuration":[{"status":"Enabled"}]},"sensitive_values":{"versioning_configuration":[{}]},"identity_schema_version":0,"identity":{"account_id":null,"bucket":null,"expected_bucket_owner":null,"region":null}},{"address":"aws_s3_bucket_website_configuration.site[0]","mode":"managed","type":"aws_s3_bucket_website_configuration","name":"site","index":0,"provider_name":"registry.terraform.io/hashicorp/aws","schema_version":0,"values":{"error_document":[{"key":"404.html"}],"expected_bucket_owner":null,"index_document":[{"suffix":"index.html"}],"redirect_all_requests_to":[],"region":"us-east-1"},"sensitive_values":{"error_document":[{}],"index_document":[{}],"redirect_all_requests_to":[],"routing_rule":[]},"identity_schema_version":0,"identity":{"account_id":null,"bucket":null,"expected_bucket_owner":null,"region":null}},{"address":"data.aws_iam_policy_document.public_read[0]","mode":"data","type":"aws_iam_policy_document","name":"public_read","index":0,"provider_name":"registry.terraform.io/hashicorp/aws","schema_version":0,"values":{"override_json":null,"override_policy_documents":null,"policy_id":null,"source_json":null,"source_policy_documents":null,"statement":[{"actions":["s3:GetObject"],"condition":[],"effect":"Allow","not_actions":null,"not_principals":[],"not_resources":null,"principals":[{"identifiers":["*"],"type":"*"}],"resources":[null],"sid":"PublicReadGetObject"}],"version":null},"sensitive_values":{"statement":[{"actions":[false],"condition":[],"not_principals":[],"principals":[{"identifiers":[false]}],"resources":[false]}]}},{"address":"random_id.suffix","mode":"managed","type":"random_id","name":"suffix","provider_name":"registry.terraform.io/hashicorp/random","schema_version":0,"values":{"byte_length":4,"keepers":null,"prefix":null},"sensitive_values":{}}]}},"resource_changes":[{"address":"data.aws_iam_policy_document.public_read[0]","mode":"data","type":"aws_iam_policy_document","name":"public_read","index":0,"provider_name":"registry.terraform.io/hashicorp/aws","change":{"actions":["read"],"before":null,"after":{"override_json":null,"override_policy_documents":null,"policy_id":null,"source_json":null,"source_policy_documents":null,"statement":[{"actions":["s3:GetObject"],"condition":[],"effect":"Allow","not_actions":null,"not_principals":[],"not_resources":null,"principals":[{"identifiers":["*"],"type":"*"}],"resources":[null],"sid":"PublicReadGetObject"}],"version":null},"after_unknown":{"id":true,"json":true,"minified_json":true,"statement":[{"actions":[false],"condition":[],"not_principals":[],"principals":[{"identifiers":[false]}],"resources":[true]}]},"before_sensitive":false,"after_sensitive":{"statement":[{"actions":[false],"condition":[],"not_principals":[],"principals":[{"identifiers":[false]}],"resources":[false]}]}},"action_reason":"read_because_config_unknown"},{"address":"aws_s3_bucket.artifacts","mode":"managed","type":"aws_s3_bucket","name":"artifacts","provider_name":"registry.terraform.io/hashicorp/aws","change":{"actions":["create"],"before":null,"after":{"force_destroy":true,"region":"us-east-1","tags":null,"tags_all":{"ManagedBy":"terraform","Project":"mkdocs-demo"},"timeouts":null},"after_unknown":{"acceleration_status":true,"acl":true,"arn":true,"bucket":true,"bucket_domain_name":true,"bucket_prefix":true,"bucket_region":true,"bucket_regional_domain_name":true,"cors_rule":true,"grant":true,"hosted_zone_id":true,"id":true,"lifecycle_rule":true,"logging":true,"object_lock_configuration":true,"object_lock_enabled":true,"policy":true,"replication_configuration":true,"request_payer":true,"server_side_encryption_configuration":true,"tags_all":{},"versioning":true,"website":true,"website_domain":true,"website_endpoint":true},"before_sensitive":false,"after_sensitive":{"cors_rule":[],"grant":[],"lifecycle_rule":[],"logging":[],"object_lock_configuration":[],"replication_configuration":[],"server_side_encryption_configuration":[],"tags_all":{},"versioning":[],"website":[]},"after_identity":{"account_id":null,"bucket":null,"region":null}}},{"address":"aws_s3_bucket.site","mode":"managed","type":"aws_s3_bucket","name":"site","provider_name":"registry.terraform.io/hashicorp/aws","change":{"actions":["create"],"before":null,"after":{"force_destroy":true,"region":"us-east-1","tags":null,"tags_all":{"ManagedBy":"terraform","Project":"mkdocs-demo"},"timeouts":null},"after_unknown":{"acceleration_status":true,"acl":true,"arn":true,"bucket":true,"bucket_domain_name":true,"bucket_prefix":true,"bucket_region":true,"bucket_regional_domain_name":true,"cors_rule":true,"grant":true,"hosted_zone_id":true,"id":true,"lifecycle_rule":true,"logging":true,"object_lock_configuration":true,"object_lock_enabled":true,"policy":true,"replication_configuration":true,"request_payer":true,"server_side_encryption_configuration":true,"tags_all":{},"versioning":true,"website":true,"website_domain":true,"website_endpoint":true},"before_sensitive":false,"after_sensitive":{"cors_rule":[],"grant":[],"lifecycle_rule":[],"logging":[],"object_lock_configuration":[],"replication_configuration":[],"server_side_encryption_configuration":[],"tags_all":{},"versioning":[],"website":[]},"after_identity":{"account_id":null,"bucket":null,"region":null}}},{"address":"aws_s3_bucket_policy.public_read[0]","mode":"managed","type":"aws_s3_bucket_policy","name":"public_read","index":0,"provider_name":"registry.terraform.io/hashicorp/aws","change":{"actions":["create"],"before":null,"after":{"region":"us-east-1"},"after_unknown":{"bucket":true,"id":true,"policy":true},"before_sensitive":false,"after_sensitive":{},"after_identity":{"account_id":null,"bucket":null,"region":null}}},{"address":"aws_s3_bucket_public_access_block.site","mode":"managed","type":"aws_s3_bucket_public_access_block","name":"site","provider_name":"registry.terraform.io/hashicorp/aws","change":{"actions":["create"],"before":null,"after":{"block_public_acls":false,"block_public_policy":false,"ignore_public_acls":false,"region":"us-east-1","restrict_public_buckets":false,"skip_destroy":null},"after_unknown":{"bucket":true,"id":true},"before_sensitive":false,"after_sensitive":{},"after_identity":{"account_id":null,"bucket":null,"region":null}}},{"address":"aws_s3_bucket_server_side_encryption_configuration.artifacts","mode":"managed","type":"aws_s3_bucket_server_side_encryption_configuration","name":"artifacts","provider_name":"registry.terraform.io/hashicorp/aws","change":{"actions":["create"],"before":null,"after":{"expected_bucket_owner":null,"region":"us-east-1","rule":[{"apply_server_side_encryption_by_default":[{"kms_master_key_id":"","sse_algorithm":"AES256"}],"blocked_encryption_types":[],"bucket_key_enabled":null}]},"after_unknown":{"bucket":true,"id":true,"rule":[{"apply_server_side_encryption_by_default":[{}],"blocked_encryption_types":[]}]},"before_sensitive":false,"after_sensitive":{"rule":[{"apply_server_side_encryption_by_default":[{}],"blocked_encryption_types":[]}]},"after_identity":{"account_id":null,"bucket":null,"expected_bucket_owner":null,"region":null}}},{"address":"aws_s3_bucket_server_side_encryption_configuration.site","mode":"managed","type":"aws_s3_bucket_server_side_encryption_configuration","name":"site","provider_name":"registry.terraform.io/hashicorp/aws","change":{"actions":["create"],"before":null,"after":{"expected_bucket_owner":null,"region":"us-east-1","rule":[{"apply_server_side_encryption_by_default":[{"kms_master_key_id":"","sse_algorithm":"AES256"}],"blocked_encryption_types":[],"bucket_key_enabled":null}]},"after_unknown":{"bucket":true,"id":true,"rule":[{"apply_server_side_encryption_by_default":[{}],"blocked_encryption_types":[]}]},"before_sensitive":false,"after_sensitive":{"rule":[{"apply_server_side_encryption_by_default":[{}],"blocked_encryption_types":[]}]},"after_identity":{"account_id":null,"bucket":null,"expected_bucket_owner":null,"region":null}}},{"address":"aws_s3_bucket_versioning.artifacts","mode":"managed","type":"aws_s3_bucket_versioning","name":"artifacts","provider_name":"registry.terraform.io/hashicorp/aws","change":{"actions":["create"],"before":null,"after":{"expected_bucket_owner":null,"mfa":null,"region":"us-east-1","versioning_configuration":[{"status":"Enabled"}]},"after_unknown":{"bucket":true,"id":true,"versioning_configuration":[{"mfa_delete":true}]},"before_sensitive":false,"after_sensitive":{"versioning_configuration":[{}]},"after_identity":{"account_id":null,"bucket":null,"expected_bucket_owner":null,"region":null}}},{"address":"aws_s3_bucket_versioning.site","mode":"managed","type":"aws_s3_bucket_versioning","name":"site","provider_name":"registry.terraform.io/hashicorp/aws","change":{"actions":["create"],"before":null,"after":{"expected_bucket_owner":null,"mfa":null,"region":"us-east-1","versioning_configuration":[{"status":"Enabled"}]},"after_unknown":{"bucket":true,"id":true,"versioning_configuration":[{"mfa_delete":true}]},"before_sensitive":false,"after_sensitive":{"versioning_configuration":[{}]},"after_identity":{"account_id":null,"bucket":null,"expected_bucket_owner":null,"region":null}}},{"address":"aws_s3_bucket_website_configuration.site[0]","mode":"managed","type":"aws_s3_bucket_website_configuration","name":"site","index":0,"provider_name":"registry.terraform.io/hashicorp/aws","change":{"actions":["create"],"before":null,"after":{"error_document":[{"key":"404.html"}],"expected_bucket_owner":null,"index_document":[{"suffix":"index.html"}],"redirect_all_requests_to":[],"region":"us-east-1"},"after_unknown":{"bucket":true,"error_document":[{}],"id":true,"index_document":[{}],"redirect_all_requests_to":[],"routing_rule":true,"routing_rules":true,"website_domain":true,"website_endpoint":true},"before_sensitive":false,"after_sensitive":{"error_document":[{}],"index_document":[{}],"redirect_all_requests_to":[],"routing_rule":[]},"after_identity":{"account_id":null,"bucket":null,"expected_bucket_owner":null,"region":null}}},{"address":"random_id.suffix","mode":"managed","type":"random_id","name":"suffix","provider_name":"registry.terraform.io/hashicorp/random","change":{"actions":["create"],"before":null,"after":{"byte_length":4,"keepers":null,"prefix":null},"after_unknown":{"b64_std":true,"b64_url":true,"dec":true,"hex":true,"id":true},"before_sensitive":false,"after_sensitive":{}}}],"output_changes":{"artifacts_bucket_arn":{"actions":["create"],"before":null,"after_unknown":true,"before_sensitive":false,"after_sensitive":false},"artifacts_bucket_name":{"actions":["create"],"before":null,"after_unknown":true,"before_sensitive":false,"after_sensitive":false},"site_bucket_arn":{"actions":["create"],"before":null,"after_unknown":true,"before_sensitive":false,"after_sensitive":false},"site_bucket_name":{"actions":["create"],"before":null,"after_unknown":true,"before_sensitive":false,"after_sensitive":false},"site_website_endpoint":{"actions":["create"],"before":null,"after_unknown":true,"before_sensitive":false,"after_sensitive":false}},"configuration":{"provider_config":{"aws":{"name":"aws","full_name":"registry.terraform.io/hashicorp/aws","version_constraint":"\u003e= 5.0.0","expressions":{"default_tags":[{"tags":{"references":["var.app_name"]}}],"region":{"references":["var.aws_region"]}}},"random":{"name":"random","full_name":"registry.terraform.io/hashicorp/random","version_constraint":"\u003e= 3.5.0"}},"root_module":{"outputs":{"artifacts_bucket_arn":{"expression":{"references":["aws_s3_bucket.artifacts.arn","aws_s3_bucket.artifacts"]},"description":"ARN of the artifacts bucket."},"artifacts_bucket_name":{"expression":{"references":["aws_s3_bucket.artifacts.bucket","aws_s3_bucket.artifacts"]},"description":"S3 bucket name for CI/CD artifacts (built site output)."},"site_bucket_arn":{"expression":{"references":["aws_s3_bucket.site.arn","aws_s3_bucket.site"]},"description":"ARN of the site bucket."},"site_bucket_name":{"expression":{"references":["aws_s3_bucket.site.bucket","aws_s3_bucket.site"]},"description":"S3 bucket name hosting the MkDocs static site."},"site_website_endpoint":{"expression":{"references":["var.enable_public_website","aws_s3_bucket_website_configuration.site[0].website_endpoint","aws_s3_bucket_website_configuration.site[0]","aws_s3_bucket_website_configuration.site"]},"description":"S3 static website endpoint (only when enable_public_website=true)."}},"resources":[{"address":"aws_s3_bucket.artifacts","mode":"managed","type":"aws_s3_bucket","name":"artifacts","provider_config_key":"aws","expressions":{"bucket":{"references":["var.app_name","var.environment","random_id.suffix.hex","random_id.suffix"]},"force_destroy":{"constant_value":true}},"schema_version":0},{"address":"aws_s3_bucket.site","mode":"managed","type":"aws_s3_bucket","name":"site","provider_config_key":"aws","expressions":{"bucket":{"references":["local.bucket_name"]},"force_destroy":{"constant_value":true}},"schema_version":0},{"address":"aws_s3_bucket_policy.public_read","mode":"managed","type":"aws_s3_bucket_policy","name":"public_read","provider_config_key":"aws","expressions":{"bucket":{"references":["aws_s3_bucket.site.id","aws_s3_bucket.site"]},"policy":{"references":["data.aws_iam_policy_document.public_read[0].json","data.aws_iam_policy_document.public_read[0]","data.aws_iam_policy_document.public_read"]}},"schema_version":0,"count_expression":{"references":["var.enable_public_website"]},"depends_on":["aws_s3_bucket_public_access_block.site"]},{"address":"aws_s3_bucket_public_access_block.site","mode":"managed","type":"aws_s3_bucket_public_access_block","name":"site","provider_config_key":"aws","expressions":{"block_public_acls":{"constant_value":false},"block_public_policy":{"constant_value":false},"bucket":{"references":["aws_s3_bucket.site.id","aws_s3_bucket.site"]},"ignore_public_acls":{"constant_value":false},"restrict_public_buckets":{"constant_value":false}},"schema_version":0},{"address":"aws_s3_bucket_server_side_encryption_configuration.artifacts","mode":"managed","type":"aws_s3_bucket_server_side_encryption_configuration","name":"artifacts","provider_config_key":"aws","expressions":{"bucket":{"references":["aws_s3_bucket.artifacts.id","aws_s3_bucket.artifacts"]},"rule":[{"apply_server_side_encryption_by_default":[{"sse_algorithm":{"constant_value":"AES256"}}]}]},"schema_version":0},{"address":"aws_s3_bucket_server_side_encryption_configuration.site","mode":"managed","type":"aws_s3_bucket_server_side_encryption_configuration","name":"site","provider_config_key":"aws","expressions":{"bucket":{"references":["aws_s3_bucket.site.id","aws_s3_bucket.site"]},"rule":[{"apply_server_side_encryption_by_default":[{"sse_algorithm":{"constant_value":"AES256"}}]}]},"schema_version":0},{"address":"aws_s3_bucket_versioning.artifacts","mode":"managed","type":"aws_s3_bucket_versioning","name":"artifacts","provider_config_key":"aws","expressions":{"bucket":{"references":["aws_s3_bucket.artifacts.id","aws_s3_bucket.artifacts"]},"versioning_configuration":[{"status":{"constant_value":"Enabled"}}]},"schema_version":0},{"address":"aws_s3_bucket_versioning.site","mode":"managed","type":"aws_s3_bucket_versioning","name":"site","provider_config_key":"aws","expressions":{"bucket":{"references":["aws_s3_bucket.site.id","aws_s3_bucket.site"]},"versioning_configuration":[{"status":{"constant_value":"Enabled"}}]},"schema_version":0},{"address":"aws_s3_bucket_website_configuration.site","mode":"managed","type":"aws_s3_bucket_website_configuration","name":"site","provider_config_key":"aws","expressions":{"bucket":{"references":["aws_s3_bucket.site.id","aws_s3_bucket.site"]},"error_document":[{"key":{"references":["var.error_document"]}}],"index_document":[{"suffix":{"references":["var.index_document"]}}]},"schema_version":0,"count_expression":{"references":["var.enable_public_website"]}},{"address":"random_id.suffix","mode":"managed","type":"random_id","name":"suffix","provider_config_key":"random","expressions":{"byte_length":{"constant_value":4}},"schema_version":0},{"address":"data.aws_iam_policy_document.public_read","mode":"data","type":"aws_iam_policy_document","name":"public_read","provider_config_key":"aws","expressions":{"statement":[{"actions":{"constant_value":["s3:GetObject"]},"effect":{"constant_value":"Allow"},"principals":[{"identifiers":{"constant_value":["*"]},"type":{"constant_value":"*"}}],"resources":{"references":["aws_s3_bucket.site.arn","aws_s3_bucket.site"]},"sid":{"constant_value":"PublicReadGetObject"}}]},"schema_version":0,"count_expression":{"references":["var.enable_public_website"]}}],"variables":{"app_name":{"default":"mkdocs-demo","description":"Application/project name used for tagging and naming."},"aws_region":{"default":"us-east-1","description":"AWS region to deploy into."},"enable_public_website":{"default":true,"description":"Whether to enable S3 static website hosting and public read access."},"environment":{"default":"dev","description":"Deployment environment name (e.g., dev, prod)."},"error_document":{"default":"404.html","description":"Error document for S3 static website hosting."},"index_document":{"default":"index.html","description":"Index document for S3 static website hosting."}}}},"relevant_attributes":[{"resource":"aws_s3_bucket.site","attribute":["arn"]},{"resource":"data.aws_iam_policy_document.public_read[0]","attribute":["json"]},{"resource":"aws_s3_bucket.artifacts","attribute":["id"]},{"resource":"aws_s3_bucket.site","attribute":["id"]},{"resource":"aws_s3_bucket.artifacts","attribute":["arn"]},{"resource":"aws_s3_bucket.artifacts","attribute":["bucket"]},{"resource":"aws_s3_bucket.site","attribute":["bucket"]},{"resource":"aws_s3_bucket_website_configuration.site[0]","attribute":["website_endpoint"]},{"resource":"random_id.suffix","attribute":["hex"]}],"timestamp":"2026-01-26T22:35:58Z","applyable":true,"complete":true,"errored":false}
