data.archive_file.lambda_dummy: Reading...
data.archive_file.lambda_dummy: Read complete after 0s [id=58e93fade67637870be5af38eff8d5aa66c7da49]

Terraform used the selected providers to generate the following execution
plan. Resource actions are indicated with the following symbols:
  + create

Terraform will perform the following actions:

  # aws_api_gateway_deployment.api_deployment will be created
  + resource "aws_api_gateway_deployment" "api_deployment" {
      + created_date  = (known after apply)
      + execution_arn = (known after apply)
      + id            = (known after apply)
      + invoke_url    = (known after apply)
      + rest_api_id   = (known after apply)
      + stage_name    = "dev"
    }

  # aws_api_gateway_integration.add_product_integration will be created
  + resource "aws_api_gateway_integration" "add_product_integration" {
      + cache_namespace         = (known after apply)
      + connection_type         = "INTERNET"
      + http_method             = "POST"
      + id                      = (known after apply)
      + integration_http_method = "POST"
      + passthrough_behavior    = (known after apply)
      + resource_id             = (known after apply)
      + rest_api_id             = (known after apply)
      + timeout_milliseconds    = 29000
      + type                    = "AWS_PROXY"
      + uri                     = (known after apply)
    }

  # aws_api_gateway_integration.get_product_integration will be created
  + resource "aws_api_gateway_integration" "get_product_integration" {
      + cache_namespace         = (known after apply)
      + connection_type         = "INTERNET"
      + http_method             = "GET"
      + id                      = (known after apply)
      + integration_http_method = "GET"
      + passthrough_behavior    = (known after apply)
      + resource_id             = (known after apply)
      + rest_api_id             = (known after apply)
      + timeout_milliseconds    = 29000
      + type                    = "AWS_PROXY"
      + uri                     = (known after apply)
    }

  # aws_api_gateway_method.add_product will be created
  + resource "aws_api_gateway_method" "add_product" {
      + api_key_required = false
      + authorization    = "NONE"
      + http_method      = "POST"
      + id               = (known after apply)
      + resource_id      = (known after apply)
      + rest_api_id      = (known after apply)
    }

  # aws_api_gateway_method.get_product will be created
  + resource "aws_api_gateway_method" "get_product" {
      + api_key_required   = false
      + authorization      = "NONE"
      + http_method        = "GET"
      + id                 = (known after apply)
      + request_parameters = {
          + "method.request.querystring.id" = true
        }
      + resource_id        = (known after apply)
      + rest_api_id        = (known after apply)
    }

  # aws_api_gateway_resource.product_api will be created
  + resource "aws_api_gateway_resource" "product_api" {
      + id          = (known after apply)
      + parent_id   = (known after apply)
      + path        = (known after apply)
      + path_part   = "productApi"
      + rest_api_id = (known after apply)
    }

  # aws_api_gateway_rest_api.api will be created
  + resource "aws_api_gateway_rest_api" "api" {
      + api_key_source               = (known after apply)
      + arn                          = (known after apply)
      + binary_media_types           = (known after apply)
      + created_date                 = (known after apply)
      + description                  = "API Gateway for products"
      + disable_execute_api_endpoint = (known after apply)
      + execution_arn                = (known after apply)
      + id                           = (known after apply)
      + minimum_compression_size     = (known after apply)
      + name                         = "product-api-gateway"
      + policy                       = (known after apply)
      + root_resource_id             = (known after apply)
      + tags_all                     = (known after apply)

      + endpoint_configuration {
          + types            = [
              + "REGIONAL",
            ]
          + vpc_endpoint_ids = (known after apply)
        }
    }

  # aws_dynamodb_table.Products will be created
  + resource "aws_dynamodb_table" "Products" {
      + arn              = (known after apply)
      + billing_mode     = "PROVISIONED"
      + hash_key         = "id"
      + id               = (known after apply)
      + name             = "Products"
      + read_capacity    = 5
      + stream_arn       = (known after apply)
      + stream_label     = (known after apply)
      + stream_view_type = (known after apply)
      + tags             = {
          + "Name" = "Products"
        }
      + tags_all         = {
          + "Name" = "Products"
        }
      + write_capacity   = 5

      + attribute {
          + name = "id"
          + type = "S"
        }

      + point_in_time_recovery (known after apply)

      + server_side_encryption (known after apply)

      + ttl (known after apply)
    }

  # aws_iam_policy.lambda_cloudwatch_policy will be created
  + resource "aws_iam_policy" "lambda_cloudwatch_policy" {
      + arn         = (known after apply)
      + description = "IAM policy for Lambda to log to CloudWatch"
      + id          = (known after apply)
      + name        = "lambda_cloudwatch_policy"
      + name_prefix = (known after apply)
      + path        = "/"
      + policy      = jsonencode(
            {
              + Statement = [
                  + {
                      + Action   = [
                          + "logs:CreateLogGroup",
                          + "logs:CreateLogStream",
                          + "logs:PutLogEvents",
                        ]
                      + Effect   = "Allow"
                      + Resource = "arn:aws:logs:*:*:*"
                    },
                ]
              + Version   = "2012-10-17"
            }
        )
      + policy_id   = (known after apply)
      + tags_all    = (known after apply)
    }

  # aws_iam_policy.lambda_dynamodb_policy will be created
  + resource "aws_iam_policy" "lambda_dynamodb_policy" {
      + arn         = (known after apply)
      + description = "IAM policy for accessing DynamoDB from Lambda"
      + id          = (known after apply)
      + name        = "LambdaDynamoDBAccess"
      + name_prefix = (known after apply)
      + path        = "/"
      + policy      = jsonencode(
            {
              + Statement = [
                  + {
                      + Action   = [
                          + "dynamodb:GetItem",
                          + "dynamodb:UpdateItem",
                          + "dynamodb:PutItem",
                        ]
                      + Effect   = "Allow"
                      + Resource = "*"
                    },
                ]
              + Version   = "2012-10-17"
            }
        )
      + policy_id   = (known after apply)
      + tags_all    = (known after apply)
    }

  # aws_iam_role.lambda_execution_role will be created
  + resource "aws_iam_role" "lambda_execution_role" {
      + arn                   = (known after apply)
      + assume_role_policy    = jsonencode(
            {
              + Statement = [
                  + {
                      + Action    = "sts:AssumeRole"
                      + Effect    = "Allow"
                      + Principal = {
                          + Service = "lambda.amazonaws.com"
                        }
                    },
                ]
              + Version   = "2012-10-17"
            }
        )
      + create_date           = (known after apply)
      + force_detach_policies = false
      + id                    = (known after apply)
      + managed_policy_arns   = (known after apply)
      + max_session_duration  = 3600
      + name                  = "productRole"
      + name_prefix           = (known after apply)
      + path                  = "/"
      + tags_all              = (known after apply)
      + unique_id             = (known after apply)

      + inline_policy (known after apply)
    }

  # aws_iam_role_policy_attachment.lambda_dynamodb_access will be created
  + resource "aws_iam_role_policy_attachment" "lambda_dynamodb_access" {
      + id         = (known after apply)
      + policy_arn = (known after apply)
      + role       = "productRole"
    }

  # aws_iam_role_policy_attachment.lambda_logs_cloudwatch will be created
  + resource "aws_iam_role_policy_attachment" "lambda_logs_cloudwatch" {
      + id         = (known after apply)
      + policy_arn = (known after apply)
      + role       = "productRole"
    }

  # aws_lambda_function.add_product will be created
  + resource "aws_lambda_function" "add_product" {
      + architectures                  = (known after apply)
      + arn                            = (known after apply)
      + filename                       = "product-lambda.jar"
      + function_name                  = "add-product"
      + handler                        = "lambda.AddProduct::handleRequest"
      + id                             = (known after apply)
      + invoke_arn                     = (known after apply)
      + last_modified                  = (known after apply)
      + memory_size                    = 1024
      + package_type                   = "Zip"
      + publish                        = false
      + qualified_arn                  = (known after apply)
      + qualified_invoke_arn           = (known after apply)
      + reserved_concurrent_executions = -1
      + role                           = (known after apply)
      + runtime                        = "java21"
      + signing_job_arn                = (known after apply)
      + signing_profile_version_arn    = (known after apply)
      + skip_destroy                   = false
      + source_code_hash               = "uM9pN/aFLi98wZmyXWpwBb4nipwIwiJdhnPaO9mGbNU="
      + source_code_size               = (known after apply)
      + tags_all                       = (known after apply)
      + timeout                        = 3
      + version                        = (known after apply)

      + ephemeral_storage (known after apply)

      + logging_config (known after apply)

      + tracing_config (known after apply)
    }

  # aws_lambda_function.get_product will be created
  + resource "aws_lambda_function" "get_product" {
      + architectures                  = (known after apply)
      + arn                            = (known after apply)
      + filename                       = "product-lambda.jar"
      + function_name                  = "get-product"
      + handler                        = "lambda.GetProduct::handleRequest"
      + id                             = (known after apply)
      + invoke_arn                     = (known after apply)
      + last_modified                  = (known after apply)
      + memory_size                    = 1024
      + package_type                   = "Zip"
      + publish                        = false
      + qualified_arn                  = (known after apply)
      + qualified_invoke_arn           = (known after apply)
      + reserved_concurrent_executions = -1
      + role                           = (known after apply)
      + runtime                        = "java21"
      + signing_job_arn                = (known after apply)
      + signing_profile_version_arn    = (known after apply)
      + skip_destroy                   = false
      + source_code_hash               = "uM9pN/aFLi98wZmyXWpwBb4nipwIwiJdhnPaO9mGbNU="
      + source_code_size               = (known after apply)
      + tags_all                       = (known after apply)
      + timeout                        = 3
      + version                        = (known after apply)

      + ephemeral_storage (known after apply)

      + logging_config (known after apply)

      + tracing_config (known after apply)
    }

  # aws_lambda_permission.allow_add_product_from_apigateway will be created
  + resource "aws_lambda_permission" "allow_add_product_from_apigateway" {
      + action              = "lambda:InvokeFunction"
      + function_name       = "add-product"
      + id                  = (known after apply)
      + principal           = "apigateway.amazonaws.com"
      + source_arn          = (known after apply)
      + statement_id        = "AllowExecutionFromAPIGatewayPost"
      + statement_id_prefix = (known after apply)
    }

  # aws_lambda_permission.allow_get_product_from_apigateway will be created
  + resource "aws_lambda_permission" "allow_get_product_from_apigateway" {
      + action              = "lambda:InvokeFunction"
      + function_name       = "get-product"
      + id                  = (known after apply)
      + principal           = "apigateway.amazonaws.com"
      + source_arn          = (known after apply)
      + statement_id        = "AllowExecutionFromAPIGatewayGet"
      + statement_id_prefix = (known after apply)
    }

Plan: 17 to add, 0 to change, 0 to destroy.

Changes to Outputs:
  + rest_api_id = (known after apply)
aws_iam_policy.lambda_dynamodb_policy: Creating...
aws_iam_policy.lambda_cloudwatch_policy: Creating...
aws_api_gateway_rest_api.api: Creating...
aws_dynamodb_table.Products: Creating...
aws_iam_role.lambda_execution_role: Creating...
aws_iam_policy.lambda_dynamodb_policy: Creation complete after 1s [id=arn:aws:iam::000000000000:policy/LambdaDynamoDBAccess]
aws_iam_role.lambda_execution_role: Creation complete after 1s [id=productRole]
aws_iam_policy.lambda_cloudwatch_policy: Creation complete after 1s [id=arn:aws:iam::000000000000:policy/lambda_cloudwatch_policy]
aws_iam_role_policy_attachment.lambda_dynamodb_access: Creating...
aws_iam_role_policy_attachment.lambda_logs_cloudwatch: Creating...
aws_lambda_function.add_product: Creating...
aws_lambda_function.get_product: Creating...
aws_iam_role_policy_attachment.lambda_dynamodb_access: Creation complete after 0s [id=productRole-20260125192530656900000001]
aws_iam_role_policy_attachment.lambda_logs_cloudwatch: Creation complete after 0s [id=productRole-20260125192530657400000002]
aws_api_gateway_rest_api.api: Creation complete after 8s [id=rzefkjirr7]
aws_api_gateway_resource.product_api: Creating...
aws_api_gateway_resource.product_api: Creation complete after 0s [id=biim0lxeip]
aws_api_gateway_method.add_product: Creating...
aws_api_gateway_method.get_product: Creating...
aws_api_gateway_method.add_product: Creation complete after 0s [id=agm-rzefkjirr7-biim0lxeip-POST]
aws_api_gateway_method.get_product: Creation complete after 0s [id=agm-rzefkjirr7-biim0lxeip-GET]
aws_dynamodb_table.Products: Creation complete after 9s [id=Products]
aws_lambda_function.add_product: Still creating... [00m10s elapsed]
aws_lambda_function.get_product: Still creating... [00m10s elapsed]
aws_lambda_function.add_product: Still creating... [00m20s elapsed]
aws_lambda_function.get_product: Still creating... [00m20s elapsed]
aws_lambda_function.add_product: Creation complete after 21s [id=add-product]
aws_lambda_permission.allow_add_product_from_apigateway: Creating...
aws_api_gateway_integration.add_product_integration: Creating...
aws_api_gateway_integration.add_product_integration: Creation complete after 0s [id=agi-rzefkjirr7-biim0lxeip-POST]
aws_lambda_permission.allow_add_product_from_apigateway: Creation complete after 0s [id=AllowExecutionFromAPIGatewayPost]
aws_lambda_function.get_product: Still creating... [00m30s elapsed]
aws_lambda_function.get_product: Creation complete after 32s [id=get-product]
aws_lambda_permission.allow_get_product_from_apigateway: Creating...
aws_api_gateway_integration.get_product_integration: Creating...
aws_lambda_permission.allow_get_product_from_apigateway: Creation complete after 0s [id=AllowExecutionFromAPIGatewayGet]
aws_api_gateway_integration.get_product_integration: Creation complete after 0s [id=agi-rzefkjirr7-biim0lxeip-GET]
aws_api_gateway_deployment.api_deployment: Creating...
aws_api_gateway_deployment.api_deployment: Creation complete after 0s [id=cxjxgn3zk0]

Apply complete! Resources: 17 added, 0 changed, 0 destroyed.

Outputs:

rest_api_id = "rzefkjirr7"
