{"format_version":"1.2","terraform_version":"1.13.5","planned_values":{"root_module":{"resources":[{"address":"aws_instance.test-instance","mode":"managed","type":"aws_instance","name":"test-instance","provider_name":"registry.terraform.io/hashicorp/aws","schema_version":2,"values":{"ami":"ami-0557a15b87f6559cf","credit_specification":[],"force_destroy":false,"get_password_data":false,"hibernation":null,"instance_type":"t2.micro","launch_template":[],"region":"us-east-1","security_groups":["test-sg"],"source_dest_check":true,"tags":null,"timeouts":null,"user_data":null,"user_data_replace_on_change":false,"volume_tags":null},"sensitive_values":{"capacity_reservation_specification":[],"cpu_options":[],"credit_specification":[],"ebs_block_device":[],"enclave_options":[],"ephemeral_block_device":[],"instance_market_options":[],"ipv6_addresses":[],"launch_template":[],"maintenance_options":[],"metadata_options":[],"network_interface":[],"primary_network_interface":[],"private_dns_name_options":[],"root_block_device":[],"secondary_private_ips":[],"security_groups":[false],"tags_all":{},"vpc_security_group_ids":[]},"identity_schema_version":0,"identity":{"account_id":null,"id":null,"region":null}},{"address":"aws_security_group.cw_sg_ssh","mode":"managed","type":"aws_security_group","name":"cw_sg_ssh","provider_name":"registry.terraform.io/hashicorp/aws","schema_version":1,"values":{"description":"Managed by Terraform","ingress":[{"cidr_blocks":["172.16.10.0/24"],"description":"","from_port":22,"ipv6_cidr_blocks":[],"prefix_list_ids":[],"protocol":"tcp","security_groups":[],"self":false,"to_port":22},{"cidr_blocks":["172.16.10.0/24"],"description":"","from_port":443,"ipv6_cidr_blocks":[],"prefix_list_ids":[],"protocol":"tcp","security_groups":[],"self":false,"to_port":443},{"cidr_blocks":["172.16.10.0/24"],"description":"","from_port":80,"ipv6_cidr_blocks":[],"prefix_list_ids":[],"protocol":"tcp","security_groups":[],"self":false,"to_port":80}],"name":"test-sg","region":"us-east-1","revoke_rules_on_delete":false,"tags":null,"timeouts":null},"sensitive_values":{"egress":[],"ingress":[{"cidr_blocks":[false],"ipv6_cidr_blocks":[],"prefix_list_ids":[],"security_groups":[]},{"cidr_blocks":[false],"ipv6_cidr_blocks":[],"prefix_list_ids":[],"security_groups":[]},{"cidr_blocks":[false],"ipv6_cidr_blocks":[],"prefix_list_ids":[],"security_groups":[]}],"tags_all":{}},"identity_schema_version":0,"identity":{"account_id":null,"id":null,"region":null}},{"address":"aws_subnet.my_subnet","mode":"managed","type":"aws_subnet","name":"my_subnet","provider_name":"registry.terraform.io/hashicorp/aws","schema_version":1,"values":{"assign_ipv6_address_on_creation":false,"availability_zone":"us-east-1a","cidr_block":"172.16.10.0/24","customer_owned_ipv4_pool":null,"enable_dns64":false,"enable_lni_at_device_index":null,"enable_resource_name_dns_a_record_on_launch":false,"enable_resource_name_dns_aaaa_record_on_launch":false,"ipv6_cidr_block":null,"ipv6_native":false,"map_customer_owned_ip_on_launch":null,"map_public_ip_on_launch":false,"outpost_arn":null,"region":"us-east-1","tags":{"Name":"tf"},"tags_all":{"Name":"tf"},"timeouts":null},"sensitive_values":{"tags":{},"tags_all":{}},"identity_schema_version":0,"identity":{"account_id":null,"id":null,"region":null}},{"address":"aws_vpc.test_vpc","mode":"managed","type":"aws_vpc","name":"test_vpc","provider_name":"registry.terraform.io/hashicorp/aws","schema_version":1,"values":{"assign_generated_ipv6_cidr_block":null,"cidr_block":"172.16.0.0/16","enable_dns_support":true,"instance_tenancy":"default","ipv4_ipam_pool_id":null,"ipv4_netmask_length":null,"ipv6_ipam_pool_id":null,"ipv6_netmask_length":null,"region":"us-east-1","tags":{"Name":"test"},"tags_all":{"Name":"test"}},"sensitive_values":{"tags":{},"tags_all":{}},"identity_schema_version":0,"identity":{"account_id":null,"id":null,"region":null}}]}},"resource_changes":[{"address":"aws_instance.test-instance","mode":"managed","type":"aws_instance","name":"test-instance","provider_name":"registry.terraform.io/hashicorp/aws","change":{"actions":["create"],"before":null,"after":{"ami":"ami-0557a15b87f6559cf","credit_specification":[],"force_destroy":false,"get_password_data":false,"hibernation":null,"instance_type":"t2.micro","launch_template":[],"region":"us-east-1","security_groups":["test-sg"],"source_dest_check":true,"tags":null,"timeouts":null,"user_data":null,"user_data_replace_on_change":false,"volume_tags":null},"after_unknown":{"arn":true,"associate_public_ip_address":true,"availability_zone":true,"capacity_reservation_specification":true,"cpu_options":true,"credit_specification":[],"disable_api_stop":true,"disable_api_termination":true,"ebs_block_device":true,"ebs_optimized":true,"enable_primary_ipv6":true,"enclave_options":true,"ephemeral_block_device":true,"host_id":true,"host_resource_group_arn":true,"iam_instance_profile":true,"id":true,"instance_initiated_shutdown_behavior":true,"instance_lifecycle":true,"instance_market_options":true,"instance_state":true,"ipv6_address_count":true,"ipv6_addresses":true,"key_name":true,"launch_template":[],"maintenance_options":true,"metadata_options":true,"monitoring":true,"network_interface":true,"outpost_arn":true,"password_data":true,"placement_group":true,"placement_group_id":true,"placement_partition_number":true,"primary_network_interface":true,"primary_network_interface_id":true,"private_dns":true,"private_dns_name_options":true,"private_ip":true,"public_dns":true,"public_ip":true,"root_block_device":true,"secondary_private_ips":true,"security_groups":[false],"spot_instance_request_id":true,"subnet_id":true,"tags_all":true,"tenancy":true,"user_data_base64":true,"vpc_security_group_ids":true},"before_sensitive":false,"after_sensitive":{"capacity_reservation_specification":[],"cpu_options":[],"credit_specification":[],"ebs_block_device":[],"enclave_options":[],"ephemeral_block_device":[],"instance_market_options":[],"ipv6_addresses":[],"launch_template":[],"maintenance_options":[],"metadata_options":[],"network_interface":[],"primary_network_interface":[],"private_dns_name_options":[],"root_block_device":[],"secondary_private_ips":[],"security_groups":[false],"tags_all":{},"vpc_security_group_ids":[]},"after_identity":{"account_id":null,"id":null,"region":null}}},{"address":"aws_security_group.cw_sg_ssh","mode":"managed","type":"aws_security_group","name":"cw_sg_ssh","provider_name":"registry.terraform.io/hashicorp/aws","change":{"actions":["create"],"before":null,"after":{"description":"Managed by Terraform","ingress":[{"cidr_blocks":["172.16.10.0/24"],"description":"","from_port":22,"ipv6_cidr_blocks":[],"prefix_list_ids":[],"protocol":"tcp","security_groups":[],"self":false,"to_port":22},{"cidr_blocks":["172.16.10.0/24"],"description":"","from_port":443,"ipv6_cidr_blocks":[],"prefix_list_ids":[],"protocol":"tcp","security_groups":[],"self":false,"to_port":443},{"cidr_blocks":["172.16.10.0/24"],"description":"","from_port":80,"ipv6_cidr_blocks":[],"prefix_list_ids":[],"protocol":"tcp","security_groups":[],"self":false,"to_port":80}],"name":"test-sg","region":"us-east-1","revoke_rules_on_delete":false,"tags":null,"timeouts":null},"after_unknown":{"arn":true,"egress":true,"id":true,"ingress":[{"cidr_blocks":[false],"ipv6_cidr_blocks":[],"prefix_list_ids":[],"security_groups":[]},{"cidr_blocks":[false],"ipv6_cidr_blocks":[],"prefix_list_ids":[],"security_groups":[]},{"cidr_blocks":[false],"ipv6_cidr_blocks":[],"prefix_list_ids":[],"security_groups":[]}],"name_prefix":true,"owner_id":true,"tags_all":true,"vpc_id":true},"before_sensitive":false,"after_sensitive":{"egress":[],"ingress":[{"cidr_blocks":[false],"ipv6_cidr_blocks":[],"prefix_list_ids":[],"security_groups":[]},{"cidr_blocks":[false],"ipv6_cidr_blocks":[],"prefix_list_ids":[],"security_groups":[]},{"cidr_blocks":[false],"ipv6_cidr_blocks":[],"prefix_list_ids":[],"security_groups":[]}],"tags_all":{}},"after_identity":{"account_id":null,"id":null,"region":null}}},{"address":"aws_subnet.my_subnet","mode":"managed","type":"aws_subnet","name":"my_subnet","provider_name":"registry.terraform.io/hashicorp/aws","change":{"actions":["create"],"before":null,"after":{"assign_ipv6_address_on_creation":false,"availability_zone":"us-east-1a","cidr_block":"172.16.10.0/24","customer_owned_ipv4_pool":null,"enable_dns64":false,"enable_lni_at_device_index":null,"enable_resource_name_dns_a_record_on_launch":false,"enable_resource_name_dns_aaaa_record_on_launch":false,"ipv6_cidr_block":null,"ipv6_native":false,"map_customer_owned_ip_on_launch":null,"map_public_ip_on_launch":false,"outpost_arn":null,"region":"us-east-1","tags":{"Name":"tf"},"tags_all":{"Name":"tf"},"timeouts":null},"after_unknown":{"arn":true,"availability_zone_id":true,"id":true,"ipv6_cidr_block_association_id":true,"owner_id":true,"private_dns_hostname_type_on_launch":true,"tags":{},"tags_all":{},"vpc_id":true},"before_sensitive":false,"after_sensitive":{"tags":{},"tags_all":{}},"after_identity":{"account_id":null,"id":null,"region":null}}},{"address":"aws_vpc.test_vpc","mode":"managed","type":"aws_vpc","name":"test_vpc","provider_name":"registry.terraform.io/hashicorp/aws","change":{"actions":["create"],"before":null,"after":{"assign_generated_ipv6_cidr_block":null,"cidr_block":"172.16.0.0/16","enable_dns_support":true,"instance_tenancy":"default","ipv4_ipam_pool_id":null,"ipv4_netmask_length":null,"ipv6_ipam_pool_id":null,"ipv6_netmask_length":null,"region":"us-east-1","tags":{"Name":"test"},"tags_all":{"Name":"test"}},"after_unknown":{"arn":true,"default_network_acl_id":true,"default_route_table_id":true,"default_security_group_id":true,"dhcp_options_id":true,"enable_dns_hostnames":true,"enable_network_address_usage_metrics":true,"id":true,"ipv6_association_id":true,"ipv6_cidr_block":true,"ipv6_cidr_block_network_border_group":true,"main_route_table_id":true,"owner_id":true,"tags":{},"tags_all":{}},"before_sensitive":false,"after_sensitive":{"tags":{},"tags_all":{}},"after_identity":{"account_id":null,"id":null,"region":null}}}],"configuration":{"provider_config":{"archive":{"name":"archive","full_name":"registry.terraform.io/hashicorp/archive","version_constraint":"\u003e= 2.0.0"},"aws":{"name":"aws","full_name":"registry.terraform.io/hashicorp/aws","version_constraint":"~\u003e 6.27.0","expressions":{"access_key":{"constant_value":"<access_key>"},"region":{"constant_value":"us-east-1"},"secret_key":{"constant_value":"<secret_key>"}}}},"root_module":{"resources":[{"address":"aws_instance.test-instance","mode":"managed","type":"aws_instance","name":"test-instance","provider_config_key":"aws","expressions":{"ami":{"constant_value":"ami-0557a15b87f6559cf"},"instance_type":{"constant_value":"t2.micro"},"security_groups":{"constant_value":["test-sg"]}},"schema_version":2},{"address":"aws_security_group.cw_sg_ssh","mode":"managed","type":"aws_security_group","name":"cw_sg_ssh","provider_config_key":"aws","expressions":{"ingress":{"constant_value":[{"cidr_blocks":["172.16.10.0/24"],"description":null,"from_port":22,"ipv6_cidr_blocks":null,"prefix_list_ids":null,"protocol":"tcp","security_groups":null,"self":null,"to_port":22},{"cidr_blocks":["172.16.10.0/24"],"description":null,"from_port":80,"ipv6_cidr_blocks":null,"prefix_list_ids":null,"protocol":"tcp","security_groups":null,"self":null,"to_port":80},{"cidr_blocks":["172.16.10.0/24"],"description":null,"from_port":443,"ipv6_cidr_blocks":null,"prefix_list_ids":null,"protocol":"tcp","security_groups":null,"self":null,"to_port":443}]},"name":{"constant_value":"test-sg"}},"schema_version":1},{"address":"aws_subnet.my_subnet","mode":"managed","type":"aws_subnet","name":"my_subnet","provider_config_key":"aws","expressions":{"availability_zone":{"constant_value":"us-east-1a"},"cidr_block":{"constant_value":"172.16.10.0/24"},"tags":{"constant_value":{"Name":"tf"}},"vpc_id":{"references":["aws_vpc.test_vpc.id","aws_vpc.test_vpc"]}},"schema_version":1},{"address":"aws_vpc.test_vpc","mode":"managed","type":"aws_vpc","name":"test_vpc","provider_config_key":"aws","expressions":{"cidr_block":{"constant_value":"172.16.0.0/16"},"tags":{"constant_value":{"Name":"test"}}},"schema_version":1}]}},"relevant_attributes":[{"resource":"aws_vpc.test_vpc","attribute":["id"]}],"timestamp":"2026-01-27T00:00:36Z","applyable":true,"complete":true,"errored":false}
