{"format_version":"1.2","terraform_version":"1.13.5","variables":{"alarm_email":{"value":null},"app_name":{"value":"venmo-action-automation"},"aws_region":{"value":"us-east-1"},"lambda_memory_size":{"value":128},"lambda_timeout":{"value":30},"tags":{"value":{}},"venmo_auth_token":{"value":"ai-basis-tf"},"venmo_schedules":{"value":[]}},"planned_values":{"outputs":{"eventbridge_rule_names":{"sensitive":false,"type":["tuple",[]],"value":[]},"lambda_function_arn":{"sensitive":false},"lambda_function_name":{"sensitive":false,"type":"string","value":"venmo-action-automation-handler"},"sns_topic_arn":{"sensitive":false,"type":"dynamic","value":null}},"root_module":{"resources":[{"address":"aws_iam_role.lambda_role","mode":"managed","type":"aws_iam_role","name":"lambda_role","provider_name":"registry.terraform.io/hashicorp/aws","schema_version":0,"values":{"assume_role_policy":"{\"Statement\":[{\"Action\":\"sts:AssumeRole\",\"Effect\":\"Allow\",\"Principal\":{\"Service\":\"lambda.amazonaws.com\"}}],\"Version\":\"2012-10-17\"}","description":null,"force_detach_policies":false,"max_session_duration":3600,"name":"venmo-action-automation-lambda-role","path":"/","permissions_boundary":null,"tags":{"Application":"venmo-action-automation","ManagedBy":"Terraform"},"tags_all":{"Application":"venmo-action-automation","ManagedBy":"Terraform"}},"sensitive_values":{"inline_policy":[],"managed_policy_arns":[],"tags":{},"tags_all":{}},"identity_schema_version":0,"identity":{"account_id":null,"name":null}},{"address":"aws_iam_role_policy_attachment.lambda_basic","mode":"managed","type":"aws_iam_role_policy_attachment","name":"lambda_basic","provider_name":"registry.terraform.io/hashicorp/aws","schema_version":0,"values":{"policy_arn":"arn:aws:iam::aws:policy/service-role/AWSLambdaBasicExecutionRole","role":"venmo-action-automation-lambda-role"},"sensitive_values":{},"identity_schema_version":0,"identity":{"account_id":null,"policy_arn":null,"role":null}},{"address":"aws_lambda_function.venmo","mode":"managed","type":"aws_lambda_function","name":"venmo","provider_name":"registry.terraform.io/hashicorp/aws","schema_version":0,"values":{"capacity_provider_config":[],"code_signing_config_arn":null,"dead_letter_config":[],"description":"Automates Venmo payments/requests on a schedule","durable_config":[],"environment":[{"variables":{"VENMO_AUTH_TOKEN":"ai-basis-tf"}}],"file_system_config":[],"filename":"./build/handler.zip","function_name":"venmo-action-automation-handler","handler":"handler.handler","image_config":[],"image_uri":null,"kms_key_arn":null,"layers":null,"memory_size":128,"package_type":"Zip","publish":false,"publish_to":null,"region":"us-east-1","replace_security_groups_on_destroy":null,"replacement_security_group_ids":null,"reserved_concurrent_executions":-1,"runtime":"python3.11","s3_bucket":null,"s3_key":null,"s3_object_version":null,"skip_destroy":false,"snap_start":[],"source_code_hash":"1IbzvuHIzgqOSR4Ac1P5qpNmLqyYTit6uAAlW/3rdag=","source_kms_key_arn":null,"tags":{"Application":"venmo-action-automation","ManagedBy":"Terraform"},"tags_all":{"Application":"venmo-action-automation","ManagedBy":"Terraform"},"tenancy_config":[],"timeout":30,"timeouts":null,"vpc_config":[]},"sensitive_values":{"architectures":[],"capacity_provider_config":[],"dead_letter_config":[],"durable_config":[],"environment":[{"variables":{"VENMO_AUTH_TOKEN":true}}],"ephemeral_storage":[],"file_system_config":[],"image_config":[],"logging_config":[],"snap_start":[],"tags":{},"tags_all":{},"tenancy_config":[],"tracing_config":[],"vpc_config":[]},"identity_schema_version":0,"identity":{"account_id":null,"function_name":null,"region":null}}]}},"resource_changes":[{"address":"aws_iam_role.lambda_role","mode":"managed","type":"aws_iam_role","name":"lambda_role","provider_name":"registry.terraform.io/hashicorp/aws","change":{"actions":["create"],"before":null,"after":{"assume_role_policy":"{\"Statement\":[{\"Action\":\"sts:AssumeRole\",\"Effect\":\"Allow\",\"Principal\":{\"Service\":\"lambda.amazonaws.com\"}}],\"Version\":\"2012-10-17\"}","description":null,"force_detach_policies":false,"max_session_duration":3600,"name":"venmo-action-automation-lambda-role","path":"/","permissions_boundary":null,"tags":{"Application":"venmo-action-automation","ManagedBy":"Terraform"},"tags_all":{"Application":"venmo-action-automation","ManagedBy":"Terraform"}},"after_unknown":{"arn":true,"create_date":true,"id":true,"inline_policy":true,"managed_policy_arns":true,"name_prefix":true,"tags":{},"tags_all":{},"unique_id":true},"before_sensitive":false,"after_sensitive":{"inline_policy":[],"managed_policy_arns":[],"tags":{},"tags_all":{}},"after_identity":{"account_id":null,"name":null}}},{"address":"aws_iam_role_policy_attachment.lambda_basic","mode":"managed","type":"aws_iam_role_policy_attachment","name":"lambda_basic","provider_name":"registry.terraform.io/hashicorp/aws","change":{"actions":["create"],"before":null,"after":{"policy_arn":"arn:aws:iam::aws:policy/service-role/AWSLambdaBasicExecutionRole","role":"venmo-action-automation-lambda-role"},"after_unknown":{"id":true},"before_sensitive":false,"after_sensitive":{},"after_identity":{"account_id":null,"policy_arn":null,"role":null}}},{"address":"aws_lambda_function.venmo","mode":"managed","type":"aws_lambda_function","name":"venmo","provider_name":"registry.terraform.io/hashicorp/aws","change":{"actions":["create"],"before":null,"after":{"capacity_provider_config":[],"code_signing_config_arn":null,"dead_letter_config":[],"description":"Automates Venmo payments/requests on a schedule","durable_config":[],"environment":[{"variables":{"VENMO_AUTH_TOKEN":"ai-basis-tf"}}],"file_system_config":[],"filename":"./build/handler.zip","function_name":"venmo-action-automation-handler","handler":"handler.handler","image_config":[],"image_uri":null,"kms_key_arn":null,"layers":null,"memory_size":128,"package_type":"Zip","publish":false,"publish_to":null,"region":"us-east-1","replace_security_groups_on_destroy":null,"replacement_security_group_ids":null,"reserved_concurrent_executions":-1,"runtime":"python3.11","s3_bucket":null,"s3_key":null,"s3_object_version":null,"skip_destroy":false,"snap_start":[],"source_code_hash":"1IbzvuHIzgqOSR4Ac1P5qpNmLqyYTit6uAAlW/3rdag=","source_kms_key_arn":null,"tags":{"Application":"venmo-action-automation","ManagedBy":"Terraform"},"tags_all":{"Application":"venmo-action-automation","ManagedBy":"Terraform"},"tenancy_config":[],"timeout":30,"timeouts":null,"vpc_config":[]},"after_unknown":{"architectures":true,"arn":true,"capacity_provider_config":[],"code_sha256":true,"dead_letter_config":[],"durable_config":[],"environment":[{"variables":{}}],"ephemeral_storage":true,"file_system_config":[],"id":true,"image_config":[],"invoke_arn":true,"last_modified":true,"logging_config":true,"qualified_arn":true,"qualified_invoke_arn":true,"response_streaming_invoke_arn":true,"role":true,"signing_job_arn":true,"signing_profile_version_arn":true,"snap_start":[],"source_code_size":true,"tags":{},"tags_all":{},"tenancy_config":[],"tracing_config":true,"version":true,"vpc_config":[]},"before_sensitive":false,"after_sensitive":{"architectures":[],"capacity_provider_config":[],"dead_letter_config":[],"durable_config":[],"environment":[{"variables":{"VENMO_AUTH_TOKEN":true}}],"ephemeral_storage":[],"file_system_config":[],"image_config":[],"logging_config":[],"snap_start":[],"tags":{},"tags_all":{},"tenancy_config":[],"tracing_config":[],"vpc_config":[]},"after_identity":{"account_id":null,"function_name":null,"region":null}}}],"output_changes":{"eventbridge_rule_names":{"actions":["create"],"before":null,"after":[],"after_unknown":false,"before_sensitive":false,"after_sensitive":false},"lambda_function_arn":{"actions":["create"],"before":null,"after_unknown":true,"before_sensitive":false,"after_sensitive":false},"lambda_function_name":{"actions":["create"],"before":null,"after":"venmo-action-automation-handler","after_unknown":false,"before_sensitive":false,"after_sensitive":false},"sns_topic_arn":{"actions":["no-op"],"before":null,"after":null,"after_unknown":false,"before_sensitive":false,"after_sensitive":false}},"prior_state":{"format_version":"1.0","terraform_version":"1.13.5","values":{"outputs":{"eventbridge_rule_names":{"sensitive":false,"value":[],"type":["tuple",[]]},"lambda_function_name":{"sensitive":false,"value":"venmo-action-automation-handler","type":"string"}},"root_module":{"resources":[{"address":"data.archive_file.lambda_dummy","mode":"data","type":"archive_file","name":"lambda_dummy","provider_name":"registry.terraform.io/hashicorp/archive","schema_version":0,"values":{"exclude_symlink_directories":null,"excludes":null,"id":"58e93fade67637870be5af38eff8d5aa66c7da49","output_base64sha256":"wmbalFzzY/wG3ivChKElOZB3+B4gptmQyIat05p+fU4=","output_base64sha512":"BQYAg1LwEY4tDmry1VoRx6StX0vjH+7LpfB5KAZLVvfJQjioPbBv1QxI6QF6P2U614fU3h9XKBCb9z5Y1ornqA==","output_file_mode":null,"output_md5":"a0dbd832a6a977d6d5b28ea5c85e30fb","output_path":"./.dummy/lambda.zip","output_sha":"58e93fade67637870be5af38eff8d5aa66c7da49","output_sha256":"c266da945cf363fc06de2bc284a125399077f81e20a6d990c886add39a7e7d4e","output_sha512":"0506008352f0118e2d0e6af2d55a11c7a4ad5f4be31feecba5f07928064b56f7c94238a83db06fd50c48e9017a3f653ad787d4de1f5728109bf73e58d68ae7a8","output_size":246,"source":[{"content":"exports.handler = async (event) =\u003e {\n  console.log(\"Dummy lambda invoked\");\n  return { statusCode: 200, body: \"dummy\" };\n};\n","filename":"index.js"}],"source_content":null,"source_content_filename":null,"source_dir":null,"source_file":null,"type":"zip"},"sensitive_values":{"source":[{}]}},{"address":"data.archive_file.lambda_zip","mode":"data","type":"archive_file","name":"lambda_zip","provider_name":"registry.terraform.io/hashicorp/archive","schema_version":0,"values":{"exclude_symlink_directories":null,"excludes":null,"id":"f4518ada948d1e27c88eed45fcd46ebe31051297","output_base64sha256":"1IbzvuHIzgqOSR4Ac1P5qpNmLqyYTit6uAAlW/3rdag=","output_base64sha512":"SV3bDztutzIrJ2RLO57n2OvgXiNxyU91gz/V8L6aYVisyWP3MEjEnaV26/O8cwhdNFqlQgHl2lSAeYDMiQXhDg==","output_file_mode":null,"output_md5":"36bdb8009849b9cfc51049d00182c9c3","output_path":"./build/handler.zip","output_sha":"f4518ada948d1e27c88eed45fcd46ebe31051297","output_sha256":"d486f3bee1c8ce0a8e491e007353f9aa93662eac984e2b7ab800255bfdeb75a8","output_sha512":"495ddb0f3b6eb7322b27644b3b9ee7d8ebe05e2371c94f75833fd5f0be9a6158acc963f73048c49da576ebf3bc73085d345aa54201e5da54807980cc8905e10e","output_size":657,"source":[],"source_content":null,"source_content_filename":null,"source_dir":null,"source_file":"./../handler.py","type":"zip"},"sensitive_values":{"source":[]}},{"address":"data.aws_caller_identity.current","mode":"data","type":"aws_caller_identity","name":"current","provider_name":"registry.terraform.io/hashicorp/aws","schema_version":0,"values":{"account_id":"000000000000","arn":"arn:aws:iam::000000000000:root","id":"000000000000","user_id":"AKIAIOSFODNN7EXAMPLE"},"sensitive_values":{}},{"address":"data.aws_region.current","mode":"data","type":"aws_region","name":"current","provider_name":"registry.terraform.io/hashicorp/aws","schema_version":0,"values":{"description":"US East (N. Virginia)","endpoint":"ec2.us-east-1.amazonaws.com","id":"us-east-1","name":"us-east-1","region":"us-east-1"},"sensitive_values":{}}]}}},"configuration":{"provider_config":{"archive":{"name":"archive","full_name":"registry.terraform.io/hashicorp/archive","version_constraint":"\u003e= 2.4.0"},"aws":{"name":"aws","full_name":"registry.terraform.io/hashicorp/aws","version_constraint":"\u003e= 5.0.0","expressions":{"region":{"references":["var.aws_region"]}}}},"root_module":{"outputs":{"eventbridge_rule_names":{"expression":{"references":["aws_cloudwatch_event_rule.schedule"]},"description":"Names of created EventBridge schedule rules"},"lambda_function_arn":{"expression":{"references":["aws_lambda_function.venmo.arn","aws_lambda_function.venmo"]},"description":"Deployed Lambda function ARN"},"lambda_function_name":{"expression":{"references":["aws_lambda_function.venmo.function_name","aws_lambda_function.venmo"]},"description":"Deployed Lambda function name"},"sns_topic_arn":{"expression":{"references":["var.alarm_email","aws_sns_topic.alarms[0].arn","aws_sns_topic.alarms[0]","aws_sns_topic.alarms"]},"description":"SNS topic ARN for alarms (null if alarm_email not set)"}},"resources":[{"address":"aws_cloudwatch_event_rule.schedule","mode":"managed","type":"aws_cloudwatch_event_rule","name":"schedule","provider_config_key":"aws","expressions":{"description":{"references":["each.value.description","each.value"]},"name":{"references":["var.app_name","each.key"]},"schedule_expression":{"references":["each.value.cron_expression","each.value"]},"tags":{"references":["local.common_tags"]}},"schema_version":1,"for_each_expression":{"references":["var.venmo_schedules"]}},{"address":"aws_cloudwatch_event_target.lambda","mode":"managed","type":"aws_cloudwatch_event_target","name":"lambda","provider_config_key":"aws","expressions":{"arn":{"references":["aws_lambda_function.venmo.arn","aws_lambda_function.venmo"]},"input":{"references":["var.venmo_schedules","var.venmo_schedules","each.key"]},"rule":{"references":["each.value.name","each.value"]},"target_id":{"constant_value":"invoke-lambda"}},"schema_version":1,"for_each_expression":{"references":["aws_cloudwatch_event_rule.schedule"]}},{"address":"aws_cloudwatch_metric_alarm.lambda_errors","mode":"managed","type":"aws_cloudwatch_metric_alarm","name":"lambda_errors","provider_config_key":"aws","expressions":{"alarm_actions":{"references":["aws_sns_topic.alarms[0].arn","aws_sns_topic.alarms[0]","aws_sns_topic.alarms"]},"alarm_description":{"constant_value":"Alarm when the Venmo automation Lambda reports errors"},"alarm_name":{"references":["var.app_name"]},"comparison_operator":{"constant_value":"GreaterThanOrEqualToThreshold"},"dimensions":{"references":["aws_lambda_function.venmo.function_name","aws_lambda_function.venmo"]},"evaluation_periods":{"constant_value":1},"metric_name":{"constant_value":"Errors"},"namespace":{"constant_value":"AWS/Lambda"},"ok_actions":{"references":["aws_sns_topic.alarms[0].arn","aws_sns_topic.alarms[0]","aws_sns_topic.alarms"]},"period":{"constant_value":60},"statistic":{"constant_value":"Sum"},"tags":{"references":["local.common_tags"]},"threshold":{"constant_value":1}},"schema_version":1,"count_expression":{"references":["var.alarm_email"]}},{"address":"aws_iam_role.lambda_role","mode":"managed","type":"aws_iam_role","name":"lambda_role","provider_config_key":"aws","expressions":{"assume_role_policy":{},"name":{"references":["var.app_name"]},"tags":{"references":["local.common_tags"]}},"schema_version":0},{"address":"aws_iam_role_policy_attachment.lambda_basic","mode":"managed","type":"aws_iam_role_policy_attachment","name":"lambda_basic","provider_config_key":"aws","expressions":{"policy_arn":{"constant_value":"arn:aws:iam::aws:policy/service-role/AWSLambdaBasicExecutionRole"},"role":{"references":["aws_iam_role.lambda_role.name","aws_iam_role.lambda_role"]}},"schema_version":0},{"address":"aws_lambda_function.venmo","mode":"managed","type":"aws_lambda_function","name":"venmo","provider_config_key":"aws","expressions":{"description":{"constant_value":"Automates Venmo payments/requests on a schedule"},"environment":[{"variables":{"references":["var.venmo_auth_token"]}}],"filename":{"references":["data.archive_file.lambda_zip.output_path","data.archive_file.lambda_zip"]},"function_name":{"references":["var.app_name"]},"handler":{"constant_value":"handler.handler"},"memory_size":{"references":["var.lambda_memory_size"]},"publish":{"constant_value":false},"role":{"references":["aws_iam_role.lambda_role.arn","aws_iam_role.lambda_role"]},"runtime":{"constant_value":"python3.11"},"source_code_hash":{"references":["data.archive_file.lambda_zip.output_base64sha256","data.archive_file.lambda_zip"]},"tags":{"references":["local.common_tags"]},"timeout":{"references":["var.lambda_timeout"]}},"schema_version":0,"depends_on":["aws_iam_role_policy_attachment.lambda_basic"]},{"address":"aws_lambda_permission.allow_eventbridge","mode":"managed","type":"aws_lambda_permission","name":"allow_eventbridge","provider_config_key":"aws","expressions":{"action":{"constant_value":"lambda:InvokeFunction"},"function_name":{"references":["aws_lambda_function.venmo.function_name","aws_lambda_function.venmo"]},"principal":{"constant_value":"events.amazonaws.com"},"source_arn":{"references":["each.value.arn","each.value"]},"statement_id":{"references":["each.key"]}},"schema_version":0,"for_each_expression":{"references":["aws_cloudwatch_event_rule.schedule"]}},{"address":"aws_sns_topic.alarms","mode":"managed","type":"aws_sns_topic","name":"alarms","provider_config_key":"aws","expressions":{"name":{"references":["var.app_name"]},"tags":{"references":["local.common_tags"]}},"schema_version":0,"count_expression":{"references":["var.alarm_email"]}},{"address":"aws_sns_topic_subscription.alarm_email","mode":"managed","type":"aws_sns_topic_subscription","name":"alarm_email","provider_config_key":"aws","expressions":{"endpoint":{"references":["var.alarm_email"]},"protocol":{"constant_value":"email"},"topic_arn":{"references":["aws_sns_topic.alarms[0].arn","aws_sns_topic.alarms[0]","aws_sns_topic.alarms"]}},"schema_version":0,"count_expression":{"references":["var.alarm_email"]}},{"address":"data.archive_file.lambda_dummy","mode":"data","type":"archive_file","name":"lambda_dummy","provider_config_key":"archive","expressions":{"output_path":{"references":["local.lambda_dummy_zip"]},"source":[{"content":{"constant_value":"exports.handler = async (event) =\u003e {\n  console.log(\"Dummy lambda invoked\");\n  return { statusCode: 200, body: \"dummy\" };\n};\n"},"filename":{"constant_value":"index.js"}}],"type":{"constant_value":"zip"}},"schema_version":0},{"address":"data.archive_file.lambda_zip","mode":"data","type":"archive_file","name":"lambda_zip","provider_config_key":"archive","expressions":{"output_path":{"references":["path.module"]},"source_file":{"references":["path.module"]},"type":{"constant_value":"zip"}},"schema_version":0},{"address":"data.aws_caller_identity.current","mode":"data","type":"aws_caller_identity","name":"current","provider_config_key":"aws","schema_version":0},{"address":"data.aws_region.current","mode":"data","type":"aws_region","name":"current","provider_config_key":"aws","schema_version":0}],"variables":{"alarm_email":{"default":null,"description":"Email address to subscribe to SNS alerts for Lambda failures"},"app_name":{"default":"venmo-action-automation","description":"Name prefix for resources"},"aws_region":{"default":"us-east-1","description":"AWS region to deploy into"},"lambda_memory_size":{"default":128,"description":"Lambda memory size in MB"},"lambda_timeout":{"default":30,"description":"Lambda timeout in seconds"},"tags":{"default":{},"description":"Tags to apply to resources"},"venmo_auth_token":{"description":"Venmo API access token used by the Lambda function","sensitive":true},"venmo_schedules":{"default":[],"description":"List of schedules to create. Each schedule triggers the Lambda with the provided payload.\n\nExample:\n[\n  {\n    name            = \"RentPayment\"\n    description     = \"Monthly rent\"\n    cron_expression = \"cron(0 9 1 * ? *)\"\n    payload         = jsonencode({ amount = 850, action = \"payment\", note = \"Rent\", recipient_user_name = \"user\" })\n  }\n]\n"}}}},"relevant_attributes":[{"resource":"data.archive_file.lambda_zip","attribute":["output_base64sha256"]},{"resource":"data.archive_file.lambda_zip","attribute":["output_path"]},{"resource":"aws_cloudwatch_event_rule.schedule","attribute":[]},{"resource":"aws_iam_role.lambda_role","attribute":["arn"]},{"resource":"aws_lambda_function.venmo","attribute":["arn"]},{"resource":"aws_iam_role.lambda_role","attribute":["name"]},{"resource":"aws_lambda_function.venmo","attribute":["function_name"]}],"timestamp":"2026-01-25T17:25:16Z","applyable":true,"complete":true,"errored":false}
