data.aws_region.current: Reading...
data.aws_partition.current: Reading...
data.aws_vpc.default: Reading...
data.aws_caller_identity.current: Reading...
data.aws_region.current: Read complete after 0s [id=us-east-1]
data.aws_partition.current: Read complete after 0s [id=aws]
data.aws_caller_identity.current: Read complete after 0s [id=000000000000]
data.aws_vpc.default: Read complete after 0s [id=vpc-133278c4a08f82810]
data.aws_subnets.default: Reading...
data.aws_subnets.default: Read complete after 0s [id=us-east-1]

Terraform used the selected providers to generate the following execution
plan. Resource actions are indicated with the following symbols:
  + create

Terraform will perform the following actions:

  # aws_cloudwatch_log_group.app will be created
  + resource "aws_cloudwatch_log_group" "app" {
      + arn                         = (known after apply)
      + deletion_protection_enabled = (known after apply)
      + id                          = (known after apply)
      + log_group_class             = (known after apply)
      + name                        = "/ecs/chatapp"
      + name_prefix                 = (known after apply)
      + region                      = "us-east-1"
      + retention_in_days           = 7
      + skip_destroy                = false
      + tags_all                    = {
          + "Managed" = "terraform"
          + "Project" = "chatapp"
        }
    }

  # aws_ecr_repository.app will be created
  + resource "aws_ecr_repository" "app" {
      + arn                  = (known after apply)
      + id                   = (known after apply)
      + image_tag_mutability = "MUTABLE"
      + name                 = "chatapp"
      + region               = "us-east-1"
      + registry_id          = (known after apply)
      + repository_url       = (known after apply)
      + tags_all             = {
          + "Managed" = "terraform"
          + "Project" = "chatapp"
        }

      + image_scanning_configuration {
          + scan_on_push = true
        }
    }

  # aws_ecs_cluster.this will be created
  + resource "aws_ecs_cluster" "this" {
      + arn      = (known after apply)
      + id       = (known after apply)
      + name     = "chatapp-cluster"
      + region   = "us-east-1"
      + tags_all = {
          + "Managed" = "terraform"
          + "Project" = "chatapp"
        }

      + setting (known after apply)
    }

  # aws_ecs_service.app will be created
  + resource "aws_ecs_service" "app" {
      + arn                                = (known after apply)
      + availability_zone_rebalancing      = (known after apply)
      + cluster                            = (known after apply)
      + deployment_maximum_percent         = 200
      + deployment_minimum_healthy_percent = 100
      + desired_count                      = 1
      + enable_ecs_managed_tags            = false
      + enable_execute_command             = false
      + iam_role                           = (known after apply)
      + id                                 = (known after apply)
      + launch_type                        = "FARGATE"
      + name                               = "chatapp-svc"
      + platform_version                   = (known after apply)
      + region                             = "us-east-1"
      + scheduling_strategy                = "REPLICA"
      + tags_all                           = {
          + "Managed" = "terraform"
          + "Project" = "chatapp"
        }
      + task_definition                    = (known after apply)
      + triggers                           = (known after apply)
      + wait_for_steady_state              = false

      + deployment_configuration (known after apply)

      + network_configuration {
          + assign_public_ip = true
          + security_groups  = (known after apply)
          + subnets          = [
              + "subnet-0a8c0480c22834a75",
              + "subnet-43bc38622dc4bdbfe",
              + "subnet-49a26f2260ef6eba6",
              + "subnet-7918aec0b91b89548",
              + "subnet-7c975dbe02407f27e",
              + "subnet-c804bda771e043f05",
            ]
        }
    }

  # aws_ecs_task_definition.app will be created
  + resource "aws_ecs_task_definition" "app" {
      + arn                      = (known after apply)
      + arn_without_revision     = (known after apply)
      + container_definitions    = (known after apply)
      + cpu                      = "256"
      + enable_fault_injection   = (known after apply)
      + execution_role_arn       = (known after apply)
      + family                   = "chatapp"
      + id                       = (known after apply)
      + memory                   = "512"
      + network_mode             = "awsvpc"
      + region                   = "us-east-1"
      + requires_compatibilities = [
          + "FARGATE",
        ]
      + revision                 = (known after apply)
      + skip_destroy             = false
      + tags_all                 = {
          + "Managed" = "terraform"
          + "Project" = "chatapp"
        }
      + track_latest             = false
    }

  # aws_iam_role.ecs_task_execution will be created
  + resource "aws_iam_role" "ecs_task_execution" {
      + arn                   = (known after apply)
      + assume_role_policy    = jsonencode(
            {
              + Statement = [
                  + {
                      + Action    = "sts:AssumeRole"
                      + Effect    = "Allow"
                      + Principal = {
                          + Service = "ecs-tasks.amazonaws.com"
                        }
                    },
                ]
              + Version   = "2012-10-17"
            }
        )
      + create_date           = (known after apply)
      + force_detach_policies = false
      + id                    = (known after apply)
      + managed_policy_arns   = (known after apply)
      + max_session_duration  = 3600
      + name                  = "chatapp-ecs-task-exec"
      + name_prefix           = (known after apply)
      + path                  = "/"
      + tags_all              = {
          + "Managed" = "terraform"
          + "Project" = "chatapp"
        }
      + unique_id             = (known after apply)

      + inline_policy (known after apply)
    }

  # aws_iam_role_policy_attachment.ecs_task_execution will be created
  + resource "aws_iam_role_policy_attachment" "ecs_task_execution" {
      + id         = (known after apply)
      + policy_arn = "arn:aws:iam::aws:policy/service-role/AmazonECSTaskExecutionRolePolicy"
      + role       = "chatapp-ecs-task-exec"
    }

  # aws_security_group.ecs_service will be created
  + resource "aws_security_group" "ecs_service" {
      + arn                    = (known after apply)
      + description            = "Allow inbound to the chat app"
      + egress                 = [
          + {
              + cidr_blocks      = [
                  + "0.0.0.0/0",
                ]
              + from_port        = 0
              + ipv6_cidr_blocks = []
              + prefix_list_ids  = []
              + protocol         = "-1"
              + security_groups  = []
              + self             = false
              + to_port          = 0
                # (1 unchanged attribute hidden)
            },
        ]
      + id                     = (known after apply)
      + ingress                = [
          + {
              + cidr_blocks      = [
                  + "0.0.0.0/0",
                ]
              + description      = "App port"
              + from_port        = 12345
              + ipv6_cidr_blocks = []
              + prefix_list_ids  = []
              + protocol         = "tcp"
              + security_groups  = []
              + self             = false
              + to_port          = 12345
            },
        ]
      + name                   = "chatapp-ecs-sg"
      + name_prefix            = (known after apply)
      + owner_id               = (known after apply)
      + region                 = "us-east-1"
      + revoke_rules_on_delete = false
      + tags_all               = {
          + "Managed" = "terraform"
          + "Project" = "chatapp"
        }
      + vpc_id                 = "vpc-133278c4a08f82810"
    }

Plan: 8 to add, 0 to change, 0 to destroy.

Changes to Outputs:
  + aws_region         = "us-east-1"
  + ecr_repository_url = (known after apply)
  + ecs_cluster_name   = "chatapp-cluster"
  + ecs_service_name   = "chatapp-svc"
