{"format_version":"1.2","terraform_version":"1.13.5","variables":{"app_name":{"value":"chatapp"},"aws_region":{"value":"us-east-1"},"container_port":{"value":12345},"cpu":{"value":256},"desired_count":{"value":1},"memory":{"value":512}},"planned_values":{"outputs":{"aws_region":{"sensitive":false,"type":"string","value":"us-east-1"},"ecr_repository_url":{"sensitive":false},"ecs_cluster_name":{"sensitive":false,"type":"string","value":"chatapp-cluster"},"ecs_service_name":{"sensitive":false,"type":"string","value":"chatapp-svc"}},"root_module":{"resources":[{"address":"aws_cloudwatch_log_group.app","mode":"managed","type":"aws_cloudwatch_log_group","name":"app","provider_name":"registry.terraform.io/hashicorp/aws","schema_version":0,"values":{"kms_key_id":null,"name":"/ecs/chatapp","region":"us-east-1","retention_in_days":7,"skip_destroy":false,"tags":null,"tags_all":{"Managed":"terraform","Project":"chatapp"}},"sensitive_values":{"tags_all":{}},"identity_schema_version":0,"identity":{"account_id":null,"name":null,"region":null}},{"address":"aws_ecr_repository.app","mode":"managed","type":"aws_ecr_repository","name":"app","provider_name":"registry.terraform.io/hashicorp/aws","schema_version":0,"values":{"encryption_configuration":[],"force_delete":null,"image_scanning_configuration":[{"scan_on_push":true}],"image_tag_mutability":"MUTABLE","image_tag_mutability_exclusion_filter":[],"name":"chatapp","region":"us-east-1","tags":null,"tags_all":{"Managed":"terraform","Project":"chatapp"},"timeouts":null},"sensitive_values":{"encryption_configuration":[],"image_scanning_configuration":[{}],"image_tag_mutability_exclusion_filter":[],"tags_all":{}},"identity_schema_version":0,"identity":{"account_id":null,"name":null,"region":null}},{"address":"aws_ecs_cluster.this","mode":"managed","type":"aws_ecs_cluster","name":"this","provider_name":"registry.terraform.io/hashicorp/aws","schema_version":0,"values":{"configuration":[],"name":"chatapp-cluster","region":"us-east-1","service_connect_defaults":[],"tags":null,"tags_all":{"Managed":"terraform","Project":"chatapp"}},"sensitive_values":{"configuration":[],"service_connect_defaults":[],"setting":[],"tags_all":{}}},{"address":"aws_ecs_service.app","mode":"managed","type":"aws_ecs_service","name":"app","provider_name":"registry.terraform.io/hashicorp/aws","schema_version":1,"values":{"alarms":[],"capacity_provider_strategy":[],"deployment_circuit_breaker":[],"deployment_controller":[],"deployment_maximum_percent":200,"deployment_minimum_healthy_percent":100,"desired_count":1,"enable_ecs_managed_tags":false,"enable_execute_command":false,"force_delete":null,"force_new_deployment":null,"health_check_grace_period_seconds":null,"launch_type":"FARGATE","load_balancer":[],"name":"chatapp-svc","network_configuration":[{"assign_public_ip":true,"subnets":["subnet-0a8c0480c22834a75","subnet-43bc38622dc4bdbfe","subnet-49a26f2260ef6eba6","subnet-7918aec0b91b89548","subnet-7c975dbe02407f27e","subnet-c804bda771e043f05"]}],"ordered_placement_strategy":[],"placement_constraints":[],"propagate_tags":null,"region":"us-east-1","scheduling_strategy":"REPLICA","service_connect_configuration":[],"service_registries":[],"sigint_rollback":null,"tags":null,"tags_all":{"Managed":"terraform","Project":"chatapp"},"timeouts":null,"volume_configuration":[],"vpc_lattice_configurations":[],"wait_for_steady_state":false},"sensitive_values":{"alarms":[],"capacity_provider_strategy":[],"deployment_circuit_breaker":[],"deployment_configuration":[],"deployment_controller":[],"load_balancer":[],"network_configuration":[{"security_groups":[],"subnets":[false,false,false,false,false,false]}],"ordered_placement_strategy":[],"placement_constraints":[],"service_connect_configuration":[],"service_registries":[],"tags_all":{},"triggers":{},"volume_configuration":[],"vpc_lattice_configurations":[]}},{"address":"aws_ecs_task_definition.app","mode":"managed","type":"aws_ecs_task_definition","name":"app","provider_name":"registry.terraform.io/hashicorp/aws","schema_version":1,"values":{"cpu":"256","ephemeral_storage":[],"family":"chatapp","ipc_mode":null,"memory":"512","network_mode":"awsvpc","pid_mode":null,"placement_constraints":[],"proxy_configuration":[],"region":"us-east-1","requires_compatibilities":["FARGATE"],"runtime_platform":[],"skip_destroy":false,"tags":null,"tags_all":{"Managed":"terraform","Project":"chatapp"},"task_role_arn":null,"track_latest":false,"volume":[]},"sensitive_values":{"ephemeral_storage":[],"placement_constraints":[],"proxy_configuration":[],"requires_compatibilities":[false],"runtime_platform":[],"tags_all":{},"volume":[]}},{"address":"aws_iam_role.ecs_task_execution","mode":"managed","type":"aws_iam_role","name":"ecs_task_execution","provider_name":"registry.terraform.io/hashicorp/aws","schema_version":0,"values":{"assume_role_policy":"{\"Statement\":[{\"Action\":\"sts:AssumeRole\",\"Effect\":\"Allow\",\"Principal\":{\"Service\":\"ecs-tasks.amazonaws.com\"}}],\"Version\":\"2012-10-17\"}","description":null,"force_detach_policies":false,"max_session_duration":3600,"name":"chatapp-ecs-task-exec","path":"/","permissions_boundary":null,"tags":null,"tags_all":{"Managed":"terraform","Project":"chatapp"}},"sensitive_values":{"inline_policy":[],"managed_policy_arns":[],"tags_all":{}},"identity_schema_version":0,"identity":{"account_id":null,"name":null}},{"address":"aws_iam_role_policy_attachment.ecs_task_execution","mode":"managed","type":"aws_iam_role_policy_attachment","name":"ecs_task_execution","provider_name":"registry.terraform.io/hashicorp/aws","schema_version":0,"values":{"policy_arn":"arn:aws:iam::aws:policy/service-role/AmazonECSTaskExecutionRolePolicy","role":"chatapp-ecs-task-exec"},"sensitive_values":{},"identity_schema_version":0,"identity":{"account_id":null,"policy_arn":null,"role":null}},{"address":"aws_security_group.ecs_service","mode":"managed","type":"aws_security_group","name":"ecs_service","provider_name":"registry.terraform.io/hashicorp/aws","schema_version":1,"values":{"description":"Allow inbound to the chat app","egress":[{"cidr_blocks":["0.0.0.0/0"],"description":"","from_port":0,"ipv6_cidr_blocks":[],"prefix_list_ids":[],"protocol":"-1","security_groups":[],"self":false,"to_port":0}],"ingress":[{"cidr_blocks":["0.0.0.0/0"],"description":"App port","from_port":12345,"ipv6_cidr_blocks":[],"prefix_list_ids":[],"protocol":"tcp","security_groups":[],"self":false,"to_port":12345}],"name":"chatapp-ecs-sg","region":"us-east-1","revoke_rules_on_delete":false,"tags":null,"tags_all":{"Managed":"terraform","Project":"chatapp"},"timeouts":null,"vpc_id":"vpc-133278c4a08f82810"},"sensitive_values":{"egress":[{"cidr_blocks":[false],"ipv6_cidr_blocks":[],"prefix_list_ids":[],"security_groups":[]}],"ingress":[{"cidr_blocks":[false],"ipv6_cidr_blocks":[],"prefix_list_ids":[],"security_groups":[]}],"tags_all":{}},"identity_schema_version":0,"identity":{"account_id":null,"id":null,"region":null}}]}},"resource_changes":[{"address":"aws_cloudwatch_log_group.app","mode":"managed","type":"aws_cloudwatch_log_group","name":"app","provider_name":"registry.terraform.io/hashicorp/aws","change":{"actions":["create"],"before":null,"after":{"kms_key_id":null,"name":"/ecs/chatapp","region":"us-east-1","retention_in_days":7,"skip_destroy":false,"tags":null,"tags_all":{"Managed":"terraform","Project":"chatapp"}},"after_unknown":{"arn":true,"deletion_protection_enabled":true,"id":true,"log_group_class":true,"name_prefix":true,"tags_all":{}},"before_sensitive":false,"after_sensitive":{"tags_all":{}},"after_identity":{"account_id":null,"name":null,"region":null}}},{"address":"aws_ecr_repository.app","mode":"managed","type":"aws_ecr_repository","name":"app","provider_name":"registry.terraform.io/hashicorp/aws","change":{"actions":["create"],"before":null,"after":{"encryption_configuration":[],"force_delete":null,"image_scanning_configuration":[{"scan_on_push":true}],"image_tag_mutability":"MUTABLE","image_tag_mutability_exclusion_filter":[],"name":"chatapp","region":"us-east-1","tags":null,"tags_all":{"Managed":"terraform","Project":"chatapp"},"timeouts":null},"after_unknown":{"arn":true,"encryption_configuration":[],"id":true,"image_scanning_configuration":[{}],"image_tag_mutability_exclusion_filter":[],"registry_id":true,"repository_url":true,"tags_all":{}},"before_sensitive":false,"after_sensitive":{"encryption_configuration":[],"image_scanning_configuration":[{}],"image_tag_mutability_exclusion_filter":[],"tags_all":{}},"after_identity":{"account_id":null,"name":null,"region":null}}},{"address":"aws_ecs_cluster.this","mode":"managed","type":"aws_ecs_cluster","name":"this","provider_name":"registry.terraform.io/hashicorp/aws","change":{"actions":["create"],"before":null,"after":{"configuration":[],"name":"chatapp-cluster","region":"us-east-1","service_connect_defaults":[],"tags":null,"tags_all":{"Managed":"terraform","Project":"chatapp"}},"after_unknown":{"arn":true,"configuration":[],"id":true,"service_connect_defaults":[],"setting":true,"tags_all":{}},"before_sensitive":false,"after_sensitive":{"configuration":[],"service_connect_defaults":[],"setting":[],"tags_all":{}}}},{"address":"aws_ecs_service.app","mode":"managed","type":"aws_ecs_service","name":"app","provider_name":"registry.terraform.io/hashicorp/aws","change":{"actions":["create"],"before":null,"after":{"alarms":[],"capacity_provider_strategy":[],"deployment_circuit_breaker":[],"deployment_controller":[],"deployment_maximum_percent":200,"deployment_minimum_healthy_percent":100,"desired_count":1,"enable_ecs_managed_tags":false,"enable_execute_command":false,"force_delete":null,"force_new_deployment":null,"health_check_grace_period_seconds":null,"launch_type":"FARGATE","load_balancer":[],"name":"chatapp-svc","network_configuration":[{"assign_public_ip":true,"subnets":["subnet-0a8c0480c22834a75","subnet-43bc38622dc4bdbfe","subnet-49a26f2260ef6eba6","subnet-7918aec0b91b89548","subnet-7c975dbe02407f27e","subnet-c804bda771e043f05"]}],"ordered_placement_strategy":[],"placement_constraints":[],"propagate_tags":null,"region":"us-east-1","scheduling_strategy":"REPLICA","service_connect_configuration":[],"service_registries":[],"sigint_rollback":null,"tags":null,"tags_all":{"Managed":"terraform","Project":"chatapp"},"timeouts":null,"volume_configuration":[],"vpc_lattice_configurations":[],"wait_for_steady_state":false},"after_unknown":{"alarms":[],"arn":true,"availability_zone_rebalancing":true,"capacity_provider_strategy":[],"cluster":true,"deployment_circuit_breaker":[],"deployment_configuration":true,"deployment_controller":[],"iam_role":true,"id":true,"load_balancer":[],"network_configuration":[{"security_groups":true,"subnets":[false,false,false,false,false,false]}],"ordered_placement_strategy":[],"placement_constraints":[],"platform_version":true,"service_connect_configuration":[],"service_registries":[],"tags_all":{},"task_definition":true,"triggers":true,"volume_configuration":[],"vpc_lattice_configurations":[]},"before_sensitive":false,"after_sensitive":{"alarms":[],"capacity_provider_strategy":[],"deployment_circuit_breaker":[],"deployment_configuration":[],"deployment_controller":[],"load_balancer":[],"network_configuration":[{"security_groups":[],"subnets":[false,false,false,false,false,false]}],"ordered_placement_strategy":[],"placement_constraints":[],"service_connect_configuration":[],"service_registries":[],"tags_all":{},"triggers":{},"volume_configuration":[],"vpc_lattice_configurations":[]}}},{"address":"aws_ecs_task_definition.app","mode":"managed","type":"aws_ecs_task_definition","name":"app","provider_name":"registry.terraform.io/hashicorp/aws","change":{"actions":["create"],"before":null,"after":{"cpu":"256","ephemeral_storage":[],"family":"chatapp","ipc_mode":null,"memory":"512","network_mode":"awsvpc","pid_mode":null,"placement_constraints":[],"proxy_configuration":[],"region":"us-east-1","requires_compatibilities":["FARGATE"],"runtime_platform":[],"skip_destroy":false,"tags":null,"tags_all":{"Managed":"terraform","Project":"chatapp"},"task_role_arn":null,"track_latest":false,"volume":[]},"after_unknown":{"arn":true,"arn_without_revision":true,"container_definitions":true,"enable_fault_injection":true,"ephemeral_storage":[],"execution_role_arn":true,"id":true,"placement_constraints":[],"proxy_configuration":[],"requires_compatibilities":[false],"revision":true,"runtime_platform":[],"tags_all":{},"volume":[]},"before_sensitive":false,"after_sensitive":{"ephemeral_storage":[],"placement_constraints":[],"proxy_configuration":[],"requires_compatibilities":[false],"runtime_platform":[],"tags_all":{},"volume":[]}}},{"address":"aws_iam_role.ecs_task_execution","mode":"managed","type":"aws_iam_role","name":"ecs_task_execution","provider_name":"registry.terraform.io/hashicorp/aws","change":{"actions":["create"],"before":null,"after":{"assume_role_policy":"{\"Statement\":[{\"Action\":\"sts:AssumeRole\",\"Effect\":\"Allow\",\"Principal\":{\"Service\":\"ecs-tasks.amazonaws.com\"}}],\"Version\":\"2012-10-17\"}","description":null,"force_detach_policies":false,"max_session_duration":3600,"name":"chatapp-ecs-task-exec","path":"/","permissions_boundary":null,"tags":null,"tags_all":{"Managed":"terraform","Project":"chatapp"}},"after_unknown":{"arn":true,"create_date":true,"id":true,"inline_policy":true,"managed_policy_arns":true,"name_prefix":true,"tags_all":{},"unique_id":true},"before_sensitive":false,"after_sensitive":{"inline_policy":[],"managed_policy_arns":[],"tags_all":{}},"after_identity":{"account_id":null,"name":null}}},{"address":"aws_iam_role_policy_attachment.ecs_task_execution","mode":"managed","type":"aws_iam_role_policy_attachment","name":"ecs_task_execution","provider_name":"registry.terraform.io/hashicorp/aws","change":{"actions":["create"],"before":null,"after":{"policy_arn":"arn:aws:iam::aws:policy/service-role/AmazonECSTaskExecutionRolePolicy","role":"chatapp-ecs-task-exec"},"after_unknown":{"id":true},"before_sensitive":false,"after_sensitive":{},"after_identity":{"account_id":null,"policy_arn":null,"role":null}}},{"address":"aws_security_group.ecs_service","mode":"managed","type":"aws_security_group","name":"ecs_service","provider_name":"registry.terraform.io/hashicorp/aws","change":{"actions":["create"],"before":null,"after":{"description":"Allow inbound to the chat app","egress":[{"cidr_blocks":["0.0.0.0/0"],"description":"","from_port":0,"ipv6_cidr_blocks":[],"prefix_list_ids":[],"protocol":"-1","security_groups":[],"self":false,"to_port":0}],"ingress":[{"cidr_blocks":["0.0.0.0/0"],"description":"App port","from_port":12345,"ipv6_cidr_blocks":[],"prefix_list_ids":[],"protocol":"tcp","security_groups":[],"self":false,"to_port":12345}],"name":"chatapp-ecs-sg","region":"us-east-1","revoke_rules_on_delete":false,"tags":null,"tags_all":{"Managed":"terraform","Project":"chatapp"},"timeouts":null,"vpc_id":"vpc-133278c4a08f82810"},"after_unknown":{"arn":true,"egress":[{"cidr_blocks":[false],"ipv6_cidr_blocks":[],"prefix_list_ids":[],"security_groups":[]}],"id":true,"ingress":[{"cidr_blocks":[false],"ipv6_cidr_blocks":[],"prefix_list_ids":[],"security_groups":[]}],"name_prefix":true,"owner_id":true,"tags_all":{}},"before_sensitive":false,"after_sensitive":{"egress":[{"cidr_blocks":[false],"ipv6_cidr_blocks":[],"prefix_list_ids":[],"security_groups":[]}],"ingress":[{"cidr_blocks":[false],"ipv6_cidr_blocks":[],"prefix_list_ids":[],"security_groups":[]}],"tags_all":{}},"after_identity":{"account_id":null,"id":null,"region":null}}}],"output_changes":{"aws_region":{"actions":["create"],"before":null,"after":"us-east-1","after_unknown":false,"before_sensitive":false,"after_sensitive":false},"ecr_repository_url":{"actions":["create"],"before":null,"after_unknown":true,"before_sensitive":false,"after_sensitive":false},"ecs_cluster_name":{"actions":["create"],"before":null,"after":"chatapp-cluster","after_unknown":false,"before_sensitive":false,"after_sensitive":false},"ecs_service_name":{"actions":["create"],"before":null,"after":"chatapp-svc","after_unknown":false,"before_sensitive":false,"after_sensitive":false}},"prior_state":{"format_version":"1.0","terraform_version":"1.13.5","values":{"outputs":{"aws_region":{"sensitive":false,"value":"us-east-1","type":"string"},"ecs_cluster_name":{"sensitive":false,"value":"chatapp-cluster","type":"string"},"ecs_service_name":{"sensitive":false,"value":"chatapp-svc","type":"string"}},"root_module":{"resources":[{"address":"data.aws_caller_identity.current","mode":"data","type":"aws_caller_identity","name":"current","provider_name":"registry.terraform.io/hashicorp/aws","schema_version":0,"values":{"account_id":"000000000000","arn":"arn:aws:iam::000000000000:root","id":"000000000000","user_id":"AKIAIOSFODNN7EXAMPLE"},"sensitive_values":{}},{"address":"data.aws_partition.current","mode":"data","type":"aws_partition","name":"current","provider_name":"registry.terraform.io/hashicorp/aws","schema_version":0,"values":{"dns_suffix":"amazonaws.com","id":"aws","partition":"aws","reverse_dns_prefix":"com.amazonaws"},"sensitive_values":{}},{"address":"data.aws_region.current","mode":"data","type":"aws_region","name":"current","provider_name":"registry.terraform.io/hashicorp/aws","schema_version":0,"values":{"description":"US East (N. Virginia)","endpoint":"ec2.us-east-1.amazonaws.com","id":"us-east-1","name":"us-east-1","region":"us-east-1"},"sensitive_values":{}},{"address":"data.aws_subnets.default","mode":"data","type":"aws_subnets","name":"default","provider_name":"registry.terraform.io/hashicorp/aws","schema_version":0,"values":{"filter":[{"name":"vpc-id","values":["vpc-133278c4a08f82810"]}],"id":"us-east-1","ids":["subnet-7918aec0b91b89548","subnet-c804bda771e043f05","subnet-43bc38622dc4bdbfe","subnet-7c975dbe02407f27e","subnet-49a26f2260ef6eba6","subnet-0a8c0480c22834a75"],"region":"us-east-1","tags":null,"timeouts":null},"sensitive_values":{"filter":[{"values":[false]}],"ids":[false,false,false,false,false,false]}},{"address":"data.aws_vpc.default","mode":"data","type":"aws_vpc","name":"default","provider_name":"registry.terraform.io/hashicorp/aws","schema_version":0,"values":{"arn":"arn:aws:ec2:us-east-1:000000000000:vpc/vpc-133278c4a08f82810","cidr_block":"172.31.0.0/16","cidr_block_associations":[{"association_id":"vpc-cidr-assoc-5c68a52ffa998e74a","cidr_block":"172.31.0.0/16","state":"associated"}],"default":true,"dhcp_options_id":"default","enable_dns_hostnames":true,"enable_dns_support":true,"enable_network_address_usage_metrics":false,"filter":null,"id":"vpc-133278c4a08f82810","instance_tenancy":"default","ipv6_association_id":"","ipv6_cidr_block":"","main_route_table_id":"rtb-685178bf29772ed37","owner_id":"000000000000","region":"us-east-1","state":null,"tags":{},"timeouts":null},"sensitive_values":{"cidr_block_associations":[{}],"tags":{}}}]}}},"configuration":{"provider_config":{"aws":{"name":"aws","full_name":"registry.terraform.io/hashicorp/aws","version_constraint":"\u003e= 5.0.0","expressions":{"default_tags":[{"tags":{"references":["var.app_name"]}}],"region":{"references":["var.aws_region"]}}}},"root_module":{"outputs":{"aws_region":{"expression":{"references":["var.aws_region"]},"description":"AWS region in use."},"ecr_repository_url":{"expression":{"references":["aws_ecr_repository.app.repository_url","aws_ecr_repository.app"]},"description":"Push your image to this ECR repository (tag: latest)."},"ecs_cluster_name":{"expression":{"references":["aws_ecs_cluster.this.name","aws_ecs_cluster.this"]},"description":"ECS cluster name."},"ecs_service_name":{"expression":{"references":["aws_ecs_service.app.name","aws_ecs_service.app"]},"description":"ECS service name."}},"resources":[{"address":"aws_cloudwatch_log_group.app","mode":"managed","type":"aws_cloudwatch_log_group","name":"app","provider_config_key":"aws","expressions":{"name":{"references":["var.app_name"]},"retention_in_days":{"constant_value":7}},"schema_version":0},{"address":"aws_ecr_repository.app","mode":"managed","type":"aws_ecr_repository","name":"app","provider_config_key":"aws","expressions":{"image_scanning_configuration":[{"scan_on_push":{"constant_value":true}}],"image_tag_mutability":{"constant_value":"MUTABLE"},"name":{"references":["var.app_name"]}},"schema_version":0},{"address":"aws_ecs_cluster.this","mode":"managed","type":"aws_ecs_cluster","name":"this","provider_config_key":"aws","expressions":{"name":{"references":["var.app_name"]}},"schema_version":0},{"address":"aws_ecs_service.app","mode":"managed","type":"aws_ecs_service","name":"app","provider_config_key":"aws","expressions":{"cluster":{"references":["aws_ecs_cluster.this.id","aws_ecs_cluster.this"]},"desired_count":{"references":["var.desired_count"]},"launch_type":{"constant_value":"FARGATE"},"name":{"references":["var.app_name"]},"network_configuration":[{"assign_public_ip":{"constant_value":true},"security_groups":{"references":["aws_security_group.ecs_service.id","aws_security_group.ecs_service"]},"subnets":{"references":["data.aws_subnets.default.ids","data.aws_subnets.default"]}}],"task_definition":{"references":["aws_ecs_task_definition.app.arn","aws_ecs_task_definition.app"]}},"schema_version":1},{"address":"aws_ecs_task_definition.app","mode":"managed","type":"aws_ecs_task_definition","name":"app","provider_config_key":"aws","expressions":{"container_definitions":{"references":["var.app_name","aws_ecr_repository.app.repository_url","aws_ecr_repository.app","var.container_port","var.container_port","var.container_port","aws_cloudwatch_log_group.app.name","aws_cloudwatch_log_group.app","data.aws_region.current.region","data.aws_region.current"]},"cpu":{"references":["var.cpu"]},"execution_role_arn":{"references":["aws_iam_role.ecs_task_execution.arn","aws_iam_role.ecs_task_execution"]},"family":{"references":["var.app_name"]},"memory":{"references":["var.memory"]},"network_mode":{"constant_value":"awsvpc"},"requires_compatibilities":{"constant_value":["FARGATE"]}},"schema_version":1},{"address":"aws_iam_role.ecs_task_execution","mode":"managed","type":"aws_iam_role","name":"ecs_task_execution","provider_config_key":"aws","expressions":{"assume_role_policy":{},"name":{"references":["var.app_name"]}},"schema_version":0},{"address":"aws_iam_role_policy_attachment.ecs_task_execution","mode":"managed","type":"aws_iam_role_policy_attachment","name":"ecs_task_execution","provider_config_key":"aws","expressions":{"policy_arn":{"references":["data.aws_partition.current.partition","data.aws_partition.current"]},"role":{"references":["aws_iam_role.ecs_task_execution.name","aws_iam_role.ecs_task_execution"]}},"schema_version":0},{"address":"aws_security_group.ecs_service","mode":"managed","type":"aws_security_group","name":"ecs_service","provider_config_key":"aws","expressions":{"description":{"constant_value":"Allow inbound to the chat app"},"egress":{"constant_value":[{"cidr_blocks":["0.0.0.0/0"],"description":null,"from_port":0,"ipv6_cidr_blocks":null,"prefix_list_ids":null,"protocol":"-1","security_groups":null,"self":null,"to_port":0}]},"ingress":{"references":["var.container_port","var.container_port"]},"name":{"references":["var.app_name"]},"vpc_id":{"references":["data.aws_vpc.default.id","data.aws_vpc.default"]}},"schema_version":1},{"address":"data.aws_caller_identity.current","mode":"data","type":"aws_caller_identity","name":"current","provider_config_key":"aws","schema_version":0},{"address":"data.aws_partition.current","mode":"data","type":"aws_partition","name":"current","provider_config_key":"aws","schema_version":0},{"address":"data.aws_region.current","mode":"data","type":"aws_region","name":"current","provider_config_key":"aws","schema_version":0},{"address":"data.aws_subnets.default","mode":"data","type":"aws_subnets","name":"default","provider_config_key":"aws","expressions":{"filter":[{"name":{"constant_value":"vpc-id"},"values":{"references":["data.aws_vpc.default.id","data.aws_vpc.default"]}}]},"schema_version":0},{"address":"data.aws_vpc.default","mode":"data","type":"aws_vpc","name":"default","provider_config_key":"aws","expressions":{"default":{"constant_value":true}},"schema_version":0}],"variables":{"app_name":{"default":"chatapp","description":"Application name used for naming/tagging."},"aws_region":{"default":"us-east-1","description":"AWS region to deploy into."},"container_port":{"default":12345,"description":"Port the container listens on."},"cpu":{"default":256,"description":"Fargate task CPU units."},"desired_count":{"default":1,"description":"Number of tasks to run."},"memory":{"default":512,"description":"Fargate task memory (MiB)."}}}},"relevant_attributes":[{"resource":"aws_ecr_repository.app","attribute":["repository_url"]},{"resource":"aws_iam_role.ecs_task_execution","attribute":["arn"]},{"resource":"aws_iam_role.ecs_task_execution","attribute":["name"]},{"resource":"aws_ecs_cluster.this","attribute":["id"]},{"resource":"aws_ecs_task_definition.app","attribute":["arn"]},{"resource":"data.aws_partition.current","attribute":["partition"]},{"resource":"aws_ecs_cluster.this","attribute":["name"]},{"resource":"data.aws_region.current","attribute":["region"]},{"resource":"aws_cloudwatch_log_group.app","attribute":["name"]},{"resource":"data.aws_subnets.default","attribute":["ids"]},{"resource":"data.aws_vpc.default","attribute":["id"]},{"resource":"aws_ecs_service.app","attribute":["name"]},{"resource":"aws_security_group.ecs_service","attribute":["id"]}],"timestamp":"2026-02-06T13:35:54Z","applyable":true,"complete":true,"errored":false}
