{"format_version":"1.2","terraform_version":"1.13.5","variables":{"allowed_ssh_cidr":{"value":"0.0.0.0/0"},"allowed_ui_cidr":{"value":"0.0.0.0/0"},"app_name":{"value":"test-kafka"},"aws_region":{"value":"us-east-1"},"instance_type":{"value":"t3.small"},"ssh_public_key":{"value":""}},"planned_values":{"outputs":{"instance_id":{"sensitive":false},"kafka_bootstrap":{"sensitive":false},"kafka_ui_url":{"sensitive":false},"public_ip":{"sensitive":false}},"root_module":{"resources":[{"address":"aws_instance.kafka_host","mode":"managed","type":"aws_instance","name":"kafka_host","provider_name":"registry.terraform.io/hashicorp/aws","schema_version":2,"values":{"ami":"ami-07c1fa5792ef8fe27","associate_public_ip_address":true,"credit_specification":[],"force_destroy":false,"get_password_data":false,"hibernation":null,"instance_type":"t3.small","launch_template":[],"metadata_options":[{"http_endpoint":"enabled","http_protocol_ipv6":"disabled","http_tokens":"optional"}],"region":"us-east-1","source_dest_check":true,"subnet_id":"subnet-df6a4aba86b0933a1","tags":{"Name":"test-kafka-host"},"tags_all":{"Managed":"terraform","Name":"test-kafka-host","Project":"test-kafka"},"timeouts":null,"user_data":"#!/bin/bash\nset -euxo pipefail\n\ndnf -y update\ndnf -y install docker\nsystemctl enable --now docker\n\n# Install docker compose plugin\nmkdir -p /usr/local/lib/docker/cli-plugins\ncurl -L \"https://github.com/docker/compose/releases/download/v2.24.6/docker-compose-linux-x86_64\" -o /usr/local/lib/docker/cli-plugins/docker-compose\nchmod +x /usr/local/lib/docker/cli-plugins/docker-compose\n\nmkdir -p /opt/test-kafka\ncat \u003e /opt/test-kafka/docker-compose.yml \u003c\u003c'YAML'\nversion: \"3\"\n\nservices:\n  zookeeper:\n    image: confluentinc/cp-zookeeper:7.3.0\n    container_name: zookeeper\n    environment:\n      ZOOKEEPER_CLIENT_PORT: 2181\n      ZOOKEEPER_TICK_TIME: 2000\n    networks:\n      - kafka-network\n\n  broker:\n    image: confluentinc/cp-kafka:7.3.0\n    container_name: broker\n    depends_on:\n      - zookeeper\n    ports:\n      - \"9093:9093\"\n    environment:\n      KAFKA_BROKER_ID: 1\n      KAFKA_ZOOKEEPER_CONNECT: \"zookeeper:2181\"\n      KAFKA_LISTENER_SECURITY_PROTOCOL_MAP: PLAINTEXT:PLAINTEXT,PLAINTEXT_INTERNAL:PLAINTEXT,PLAINTEXT_HOST:PLAINTEXT\n      # Advertise the instance public IP for the host listener\n      KAFKA_ADVERTISED_LISTENERS: \"PLAINTEXT://broker:9092,PLAINTEXT_INTERNAL://broker:29092,PLAINTEXT_HOST://$(curl -s http://169.254.169.254/latest/meta-data/public-ipv4):9093\"\n      KAFKA_OFFSETS_TOPIC_REPLICATION_FACTOR: 1\n      KAFKA_TRANSACTION_STATE_LOG_MIN_ISR: 1\n      KAFKA_TRANSACTION_STATE_LOG_REPLICATION_FACTOR: 1\n    networks:\n      - kafka-network\n\n  kafka-ui:\n    image: provectuslabs/kafka-ui\n    container_name: kafka-ui\n    ports:\n      - \"8080:8080\"\n    restart: always\n    environment:\n      KAFKA_CLUSTERS_0_NAME: local\n      KAFKA_CLUSTERS_0_BOOTSTRAPSERVERS: broker:9092\n      KAFKA_CLUSTERS_0_ZOOKEEPER: zookeeper:2181\n    depends_on:\n      - broker\n      - zookeeper\n    networks:\n      - kafka-network\n\n  proxy-manager:\n    image: 'jc21/nginx-proxy-manager:latest'\n    restart: unless-stopped\n    ports:\n      - '80:80'\n      - '81:81'\n      - '443:443'\n    volumes:\n      - ./data:/data\n      - ./letsencrypt:/etc/letsencrypt\n    networks:\n      - kafka-network\n\nnetworks:\n  kafka-network:\n    driver: bridge\nYAML\n\ncd /opt/test-kafka\ndocker compose up -d\n","user_data_replace_on_change":false,"volume_tags":null},"sensitive_values":{"capacity_reservation_specification":[],"cpu_options":[],"credit_specification":[],"ebs_block_device":[],"enclave_options":[],"ephemeral_block_device":[],"instance_market_options":[],"ipv6_addresses":[],"launch_template":[],"maintenance_options":[],"metadata_options":[{}],"network_interface":[],"primary_network_interface":[],"private_dns_name_options":[],"root_block_device":[],"secondary_private_ips":[],"security_groups":[],"tags":{},"tags_all":{},"vpc_security_group_ids":[]},"identity_schema_version":0,"identity":{"account_id":null,"id":null,"region":null}},{"address":"aws_security_group.kafka_host","mode":"managed","type":"aws_security_group","name":"kafka_host","provider_name":"registry.terraform.io/hashicorp/aws","schema_version":1,"values":{"description":"Security group for single-node Kafka docker host","egress":[{"cidr_blocks":["0.0.0.0/0"],"description":"","from_port":0,"ipv6_cidr_blocks":[],"prefix_list_ids":[],"protocol":"-1","security_groups":[],"self":false,"to_port":0}],"ingress":[{"cidr_blocks":["0.0.0.0/0"],"description":"Kafka UI","from_port":8080,"ipv6_cidr_blocks":[],"prefix_list_ids":[],"protocol":"tcp","security_groups":[],"self":false,"to_port":8080},{"cidr_blocks":["0.0.0.0/0"],"description":"Kafka external listener (as in docker-compose 9093)","from_port":9093,"ipv6_cidr_blocks":[],"prefix_list_ids":[],"protocol":"tcp","security_groups":[],"self":false,"to_port":9093},{"cidr_blocks":["0.0.0.0/0"],"description":"Nginx Proxy Manager Admin","from_port":81,"ipv6_cidr_blocks":[],"prefix_list_ids":[],"protocol":"tcp","security_groups":[],"self":false,"to_port":81},{"cidr_blocks":["0.0.0.0/0"],"description":"Nginx Proxy Manager HTTP","from_port":80,"ipv6_cidr_blocks":[],"prefix_list_ids":[],"protocol":"tcp","security_groups":[],"self":false,"to_port":80},{"cidr_blocks":["0.0.0.0/0"],"description":"Nginx Proxy Manager HTTPS","from_port":443,"ipv6_cidr_blocks":[],"prefix_list_ids":[],"protocol":"tcp","security_groups":[],"self":false,"to_port":443},{"cidr_blocks":["0.0.0.0/0"],"description":"SSH","from_port":22,"ipv6_cidr_blocks":[],"prefix_list_ids":[],"protocol":"tcp","security_groups":[],"self":false,"to_port":22}],"name_prefix":"test-kafka-sg-","region":"us-east-1","revoke_rules_on_delete":false,"tags":null,"tags_all":{"Managed":"terraform","Project":"test-kafka"},"timeouts":null,"vpc_id":"vpc-dc152f7fef7d97ec4"},"sensitive_values":{"egress":[{"cidr_blocks":[false],"ipv6_cidr_blocks":[],"prefix_list_ids":[],"security_groups":[]}],"ingress":[{"cidr_blocks":[false],"ipv6_cidr_blocks":[],"prefix_list_ids":[],"security_groups":[]},{"cidr_blocks":[false],"ipv6_cidr_blocks":[],"prefix_list_ids":[],"security_groups":[]},{"cidr_blocks":[false],"ipv6_cidr_blocks":[],"prefix_list_ids":[],"security_groups":[]},{"cidr_blocks":[false],"ipv6_cidr_blocks":[],"prefix_list_ids":[],"security_groups":[]},{"cidr_blocks":[false],"ipv6_cidr_blocks":[],"prefix_list_ids":[],"security_groups":[]},{"cidr_blocks":[false],"ipv6_cidr_blocks":[],"prefix_list_ids":[],"security_groups":[]}],"tags_all":{}},"identity_schema_version":0,"identity":{"account_id":null,"id":null,"region":null}}]}},"resource_changes":[{"address":"aws_instance.kafka_host","mode":"managed","type":"aws_instance","name":"kafka_host","provider_name":"registry.terraform.io/hashicorp/aws","change":{"actions":["create"],"before":null,"after":{"ami":"ami-07c1fa5792ef8fe27","associate_public_ip_address":true,"credit_specification":[],"force_destroy":false,"get_password_data":false,"hibernation":null,"instance_type":"t3.small","launch_template":[],"metadata_options":[{"http_endpoint":"enabled","http_protocol_ipv6":"disabled","http_tokens":"optional"}],"region":"us-east-1","source_dest_check":true,"subnet_id":"subnet-df6a4aba86b0933a1","tags":{"Name":"test-kafka-host"},"tags_all":{"Managed":"terraform","Name":"test-kafka-host","Project":"test-kafka"},"timeouts":null,"user_data":"#!/bin/bash\nset -euxo pipefail\n\ndnf -y update\ndnf -y install docker\nsystemctl enable --now docker\n\n# Install docker compose plugin\nmkdir -p /usr/local/lib/docker/cli-plugins\ncurl -L \"https://github.com/docker/compose/releases/download/v2.24.6/docker-compose-linux-x86_64\" -o /usr/local/lib/docker/cli-plugins/docker-compose\nchmod +x /usr/local/lib/docker/cli-plugins/docker-compose\n\nmkdir -p /opt/test-kafka\ncat \u003e /opt/test-kafka/docker-compose.yml \u003c\u003c'YAML'\nversion: \"3\"\n\nservices:\n  zookeeper:\n    image: confluentinc/cp-zookeeper:7.3.0\n    container_name: zookeeper\n    environment:\n      ZOOKEEPER_CLIENT_PORT: 2181\n      ZOOKEEPER_TICK_TIME: 2000\n    networks:\n      - kafka-network\n\n  broker:\n    image: confluentinc/cp-kafka:7.3.0\n    container_name: broker\n    depends_on:\n      - zookeeper\n    ports:\n      - \"9093:9093\"\n    environment:\n      KAFKA_BROKER_ID: 1\n      KAFKA_ZOOKEEPER_CONNECT: \"zookeeper:2181\"\n      KAFKA_LISTENER_SECURITY_PROTOCOL_MAP: PLAINTEXT:PLAINTEXT,PLAINTEXT_INTERNAL:PLAINTEXT,PLAINTEXT_HOST:PLAINTEXT\n      # Advertise the instance public IP for the host listener\n      KAFKA_ADVERTISED_LISTENERS: \"PLAINTEXT://broker:9092,PLAINTEXT_INTERNAL://broker:29092,PLAINTEXT_HOST://$(curl -s http://169.254.169.254/latest/meta-data/public-ipv4):9093\"\n      KAFKA_OFFSETS_TOPIC_REPLICATION_FACTOR: 1\n      KAFKA_TRANSACTION_STATE_LOG_MIN_ISR: 1\n      KAFKA_TRANSACTION_STATE_LOG_REPLICATION_FACTOR: 1\n    networks:\n      - kafka-network\n\n  kafka-ui:\n    image: provectuslabs/kafka-ui\n    container_name: kafka-ui\n    ports:\n      - \"8080:8080\"\n    restart: always\n    environment:\n      KAFKA_CLUSTERS_0_NAME: local\n      KAFKA_CLUSTERS_0_BOOTSTRAPSERVERS: broker:9092\n      KAFKA_CLUSTERS_0_ZOOKEEPER: zookeeper:2181\n    depends_on:\n      - broker\n      - zookeeper\n    networks:\n      - kafka-network\n\n  proxy-manager:\n    image: 'jc21/nginx-proxy-manager:latest'\n    restart: unless-stopped\n    ports:\n      - '80:80'\n      - '81:81'\n      - '443:443'\n    volumes:\n      - ./data:/data\n      - ./letsencrypt:/etc/letsencrypt\n    networks:\n      - kafka-network\n\nnetworks:\n  kafka-network:\n    driver: bridge\nYAML\n\ncd /opt/test-kafka\ndocker compose up -d\n","user_data_replace_on_change":false,"volume_tags":null},"after_unknown":{"arn":true,"availability_zone":true,"capacity_reservation_specification":true,"cpu_options":true,"credit_specification":[],"disable_api_stop":true,"disable_api_termination":true,"ebs_block_device":true,"ebs_optimized":true,"enable_primary_ipv6":true,"enclave_options":true,"ephemeral_block_device":true,"host_id":true,"host_resource_group_arn":true,"iam_instance_profile":true,"id":true,"instance_initiated_shutdown_behavior":true,"instance_lifecycle":true,"instance_market_options":true,"instance_state":true,"ipv6_address_count":true,"ipv6_addresses":true,"key_name":true,"launch_template":[],"maintenance_options":true,"metadata_options":[{"http_put_response_hop_limit":true,"instance_metadata_tags":true}],"monitoring":true,"network_interface":true,"outpost_arn":true,"password_data":true,"placement_group":true,"placement_group_id":true,"placement_partition_number":true,"primary_network_interface":true,"primary_network_interface_id":true,"private_dns":true,"private_dns_name_options":true,"private_ip":true,"public_dns":true,"public_ip":true,"root_block_device":true,"secondary_private_ips":true,"security_groups":true,"spot_instance_request_id":true,"tags":{},"tags_all":{},"tenancy":true,"user_data_base64":true,"vpc_security_group_ids":true},"before_sensitive":false,"after_sensitive":{"capacity_reservation_specification":[],"cpu_options":[],"credit_specification":[],"ebs_block_device":[],"enclave_options":[],"ephemeral_block_device":[],"instance_market_options":[],"ipv6_addresses":[],"launch_template":[],"maintenance_options":[],"metadata_options":[{}],"network_interface":[],"primary_network_interface":[],"private_dns_name_options":[],"root_block_device":[],"secondary_private_ips":[],"security_groups":[],"tags":{},"tags_all":{},"vpc_security_group_ids":[]},"after_identity":{"account_id":null,"id":null,"region":null}}},{"address":"aws_security_group.kafka_host","mode":"managed","type":"aws_security_group","name":"kafka_host","provider_name":"registry.terraform.io/hashicorp/aws","change":{"actions":["create"],"before":null,"after":{"description":"Security group for single-node Kafka docker host","egress":[{"cidr_blocks":["0.0.0.0/0"],"description":"","from_port":0,"ipv6_cidr_blocks":[],"prefix_list_ids":[],"protocol":"-1","security_groups":[],"self":false,"to_port":0}],"ingress":[{"cidr_blocks":["0.0.0.0/0"],"description":"Kafka UI","from_port":8080,"ipv6_cidr_blocks":[],"prefix_list_ids":[],"protocol":"tcp","security_groups":[],"self":false,"to_port":8080},{"cidr_blocks":["0.0.0.0/0"],"description":"Kafka external listener (as in docker-compose 9093)","from_port":9093,"ipv6_cidr_blocks":[],"prefix_list_ids":[],"protocol":"tcp","security_groups":[],"self":false,"to_port":9093},{"cidr_blocks":["0.0.0.0/0"],"description":"Nginx Proxy Manager Admin","from_port":81,"ipv6_cidr_blocks":[],"prefix_list_ids":[],"protocol":"tcp","security_groups":[],"self":false,"to_port":81},{"cidr_blocks":["0.0.0.0/0"],"description":"Nginx Proxy Manager HTTP","from_port":80,"ipv6_cidr_blocks":[],"prefix_list_ids":[],"protocol":"tcp","security_groups":[],"self":false,"to_port":80},{"cidr_blocks":["0.0.0.0/0"],"description":"Nginx Proxy Manager HTTPS","from_port":443,"ipv6_cidr_blocks":[],"prefix_list_ids":[],"protocol":"tcp","security_groups":[],"self":false,"to_port":443},{"cidr_blocks":["0.0.0.0/0"],"description":"SSH","from_port":22,"ipv6_cidr_blocks":[],"prefix_list_ids":[],"protocol":"tcp","security_groups":[],"self":false,"to_port":22}],"name_prefix":"test-kafka-sg-","region":"us-east-1","revoke_rules_on_delete":false,"tags":null,"tags_all":{"Managed":"terraform","Project":"test-kafka"},"timeouts":null,"vpc_id":"vpc-dc152f7fef7d97ec4"},"after_unknown":{"arn":true,"egress":[{"cidr_blocks":[false],"ipv6_cidr_blocks":[],"prefix_list_ids":[],"security_groups":[]}],"id":true,"ingress":[{"cidr_blocks":[false],"ipv6_cidr_blocks":[],"prefix_list_ids":[],"security_groups":[]},{"cidr_blocks":[false],"ipv6_cidr_blocks":[],"prefix_list_ids":[],"security_groups":[]},{"cidr_blocks":[false],"ipv6_cidr_blocks":[],"prefix_list_ids":[],"security_groups":[]},{"cidr_blocks":[false],"ipv6_cidr_blocks":[],"prefix_list_ids":[],"security_groups":[]},{"cidr_blocks":[false],"ipv6_cidr_blocks":[],"prefix_list_ids":[],"security_groups":[]},{"cidr_blocks":[false],"ipv6_cidr_blocks":[],"prefix_list_ids":[],"security_groups":[]}],"name":true,"owner_id":true,"tags_all":{}},"before_sensitive":false,"after_sensitive":{"egress":[{"cidr_blocks":[false],"ipv6_cidr_blocks":[],"prefix_list_ids":[],"security_groups":[]}],"ingress":[{"cidr_blocks":[false],"ipv6_cidr_blocks":[],"prefix_list_ids":[],"security_groups":[]},{"cidr_blocks":[false],"ipv6_cidr_blocks":[],"prefix_list_ids":[],"security_groups":[]},{"cidr_blocks":[false],"ipv6_cidr_blocks":[],"prefix_list_ids":[],"security_groups":[]},{"cidr_blocks":[false],"ipv6_cidr_blocks":[],"prefix_list_ids":[],"security_groups":[]},{"cidr_blocks":[false],"ipv6_cidr_blocks":[],"prefix_list_ids":[],"security_groups":[]},{"cidr_blocks":[false],"ipv6_cidr_blocks":[],"prefix_list_ids":[],"security_groups":[]}],"tags_all":{}},"after_identity":{"account_id":null,"id":null,"region":null}}}],"output_changes":{"instance_id":{"actions":["create"],"before":null,"after_unknown":true,"before_sensitive":false,"after_sensitive":false},"kafka_bootstrap":{"actions":["create"],"before":null,"after_unknown":true,"before_sensitive":false,"after_sensitive":false},"kafka_ui_url":{"actions":["create"],"before":null,"after_unknown":true,"before_sensitive":false,"after_sensitive":false},"public_ip":{"actions":["create"],"before":null,"after_unknown":true,"before_sensitive":false,"after_sensitive":false}},"prior_state":{"format_version":"1.0","terraform_version":"1.13.5","values":{"root_module":{"resources":[{"address":"data.aws_ami.al2023","mode":"data","type":"aws_ami","name":"al2023","provider_name":"registry.terraform.io/hashicorp/aws","schema_version":0,"values":{"allow_unsafe_filter":null,"architecture":"x86_64","arn":"arn:aws:ec2:us-east-1::image/ami-07c1fa5792ef8fe27","block_device_mappings":[{"device_name":"/dev/xvda","ebs":{"delete_on_termination":"false","encrypted":"false","iops":"0","snapshot_id":"snap-a2116d05e24e57f60","throughput":"0","volume_initialization_rate":"0","volume_size":"15","volume_type":"standard"},"no_device":"","virtual_name":""}],"boot_mode":"uefi","creation_date":"2026-01-25T14:05:14.000Z","deprecation_time":"","description":"Amazon Linux 2023 AMI 2023.8.20250915.0 x86_64 Minimal HVM kernel-6.1","ena_support":false,"executable_users":null,"filter":[{"name":"name","values":["al2023-ami-*-x86_64"]},{"name":"virtualization-type","values":["hvm"]}],"hypervisor":"xen","id":"ami-07c1fa5792ef8fe27","image_id":"ami-07c1fa5792ef8fe27","image_location":"","image_owner_alias":"amazon","image_type":"machine","imds_support":"","include_deprecated":false,"kernel_id":"","last_launched_time":"","most_recent":true,"name":"al2023-ami-minimal-2023.8.20250915.0-kernel-6.1-x86_64","name_regex":null,"owner_id":"137112412989","owners":["amazon"],"platform":"","platform_details":"","product_codes":[],"public":true,"ramdisk_id":"","region":"us-east-1","root_device_name":"/dev/xvda","root_device_type":"ebs","root_snapshot_id":"snap-a2116d05e24e57f60","sriov_net_support":"","state":"available","state_reason":{"code":"UNSET","message":"UNSET"},"tags":{},"timeouts":null,"tpm_support":"","uefi_data":null,"usage_operation":"","virtualization_type":"hvm"},"sensitive_values":{"block_device_mappings":[{"ebs":{}}],"filter":[{"values":[false]},{"values":[false]}],"owners":[false],"product_codes":[],"state_reason":{},"tags":{}}},{"address":"data.aws_subnets.default","mode":"data","type":"aws_subnets","name":"default","provider_name":"registry.terraform.io/hashicorp/aws","schema_version":0,"values":{"filter":[{"name":"vpc-id","values":["vpc-dc152f7fef7d97ec4"]}],"id":"us-east-1","ids":["subnet-df6a4aba86b0933a1","subnet-bcc4518a998395f8e","subnet-0e48ffa9569b9a65c","subnet-5be780a4bb88fe099","subnet-f294256920ec1418c","subnet-e1b2f711e367ad980"],"region":"us-east-1","tags":null,"timeouts":null},"sensitive_values":{"filter":[{"values":[false]}],"ids":[false,false,false,false,false,false]}},{"address":"data.aws_vpc.default","mode":"data","type":"aws_vpc","name":"default","provider_name":"registry.terraform.io/hashicorp/aws","schema_version":0,"values":{"arn":"arn:aws:ec2:us-east-1:000000000000:vpc/vpc-dc152f7fef7d97ec4","cidr_block":"172.31.0.0/16","cidr_block_associations":[{"association_id":"vpc-cidr-assoc-6b8c08c6b872b9a77","cidr_block":"172.31.0.0/16","state":"associated"}],"default":true,"dhcp_options_id":"default","enable_dns_hostnames":true,"enable_dns_support":true,"enable_network_address_usage_metrics":false,"filter":null,"id":"vpc-dc152f7fef7d97ec4","instance_tenancy":"default","ipv6_association_id":"","ipv6_cidr_block":"","main_route_table_id":"rtb-53647ce078a845052","owner_id":"000000000000","region":"us-east-1","state":null,"tags":{},"timeouts":null},"sensitive_values":{"cidr_block_associations":[{}],"tags":{}}}]}}},"configuration":{"provider_config":{"aws":{"name":"aws","full_name":"registry.terraform.io/hashicorp/aws","version_constraint":"\u003e= 5.0.0","expressions":{"default_tags":[{"tags":{"references":["var.app_name"]}}],"region":{"references":["var.aws_region"]}}}},"root_module":{"outputs":{"instance_id":{"expression":{"references":["aws_instance.kafka_host.id","aws_instance.kafka_host"]},"description":"EC2 instance id running docker-compose"},"kafka_bootstrap":{"expression":{"references":["aws_instance.kafka_host.public_ip","aws_instance.kafka_host"]},"description":"Kafka bootstrap server (host listener)"},"kafka_ui_url":{"expression":{"references":["aws_instance.kafka_host.public_ip","aws_instance.kafka_host"]},"description":"Kafka UI URL"},"public_ip":{"expression":{"references":["aws_instance.kafka_host.public_ip","aws_instance.kafka_host"]},"description":"Public IP of the docker host"}},"resources":[{"address":"aws_instance.kafka_host","mode":"managed","type":"aws_instance","name":"kafka_host","provider_config_key":"aws","expressions":{"ami":{"references":["data.aws_ami.al2023.id","data.aws_ami.al2023"]},"associate_public_ip_address":{"constant_value":true},"instance_type":{"references":["var.instance_type"]},"key_name":{"references":["var.ssh_public_key","aws_key_pair.this[0].key_name","aws_key_pair.this[0]","aws_key_pair.this"]},"metadata_options":[{"http_endpoint":{"constant_value":"enabled"},"http_tokens":{"constant_value":"optional"}}],"subnet_id":{"references":["data.aws_subnets.default.ids[0]","data.aws_subnets.default.ids","data.aws_subnets.default"]},"tags":{"references":["var.app_name"]},"user_data":{"references":["local.user_data"]},"vpc_security_group_ids":{"references":["aws_security_group.kafka_host.id","aws_security_group.kafka_host"]}},"schema_version":2},{"address":"aws_key_pair.this","mode":"managed","type":"aws_key_pair","name":"this","provider_config_key":"aws","expressions":{"key_name":{"references":["var.app_name"]},"public_key":{"references":["var.ssh_public_key"]}},"schema_version":1,"count_expression":{"references":["var.ssh_public_key"]}},{"address":"aws_security_group.kafka_host","mode":"managed","type":"aws_security_group","name":"kafka_host","provider_config_key":"aws","expressions":{"description":{"constant_value":"Security group for single-node Kafka docker host"},"egress":{"constant_value":[{"cidr_blocks":["0.0.0.0/0"],"description":null,"from_port":0,"ipv6_cidr_blocks":null,"prefix_list_ids":null,"protocol":"-1","security_groups":null,"self":null,"to_port":0}]},"ingress":{"references":["var.allowed_ssh_cidr","var.allowed_ui_cidr","var.allowed_ui_cidr","var.allowed_ui_cidr","var.allowed_ui_cidr","var.allowed_ui_cidr"]},"name_prefix":{"references":["var.app_name"]},"vpc_id":{"references":["data.aws_vpc.default.id","data.aws_vpc.default"]}},"schema_version":1},{"address":"data.aws_ami.al2023","mode":"data","type":"aws_ami","name":"al2023","provider_config_key":"aws","expressions":{"filter":[{"name":{"constant_value":"name"},"values":{"constant_value":["al2023-ami-*-x86_64"]}},{"name":{"constant_value":"virtualization-type"},"values":{"constant_value":["hvm"]}}],"most_recent":{"constant_value":true},"owners":{"constant_value":["amazon"]}},"schema_version":0},{"address":"data.aws_subnets.default","mode":"data","type":"aws_subnets","name":"default","provider_config_key":"aws","expressions":{"filter":[{"name":{"constant_value":"vpc-id"},"values":{"references":["data.aws_vpc.default.id","data.aws_vpc.default"]}}]},"schema_version":0},{"address":"data.aws_vpc.default","mode":"data","type":"aws_vpc","name":"default","provider_config_key":"aws","expressions":{"default":{"constant_value":true}},"schema_version":0}],"variables":{"allowed_ssh_cidr":{"default":"0.0.0.0/0","description":"CIDR allowed to SSH to the instance"},"allowed_ui_cidr":{"default":"0.0.0.0/0","description":"CIDR allowed to access HTTP/HTTPS and Kafka UI"},"app_name":{"default":"test-kafka","description":"Application name used for naming/tagging"},"aws_region":{"default":"us-east-1","description":"AWS region to deploy into"},"instance_type":{"default":"t3.small","description":"EC2 instance type for the single-node docker host"},"ssh_public_key":{"default":"","description":"SSH public key material to access the instance"}}}},"relevant_attributes":[{"resource":"data.aws_ami.al2023","attribute":["id"]},{"resource":"data.aws_subnets.default","attribute":["ids",0]},{"resource":"aws_key_pair.this[0]","attribute":["key_name"]},{"resource":"aws_instance.kafka_host","attribute":["id"]},{"resource":"data.aws_vpc.default","attribute":["id"]},{"resource":"aws_instance.kafka_host","attribute":["public_ip"]},{"resource":"aws_security_group.kafka_host","attribute":["id"]}],"timestamp":"2026-01-25T14:05:12Z","applyable":true,"complete":true,"errored":false}
