data.aws_vpc.default: Reading...
data.aws_region.current: Reading...
aws_ecs_cluster.this: Refreshing state... [id=arn:aws:ecs:us-east-1:000000000000:cluster/node-hello]
aws_cloudwatch_log_group.app: Refreshing state... [id=/ecs/node-hello]
aws_iam_role.task_execution: Refreshing state... [id=node-hello-exec-20260125183455405000000001]
data.aws_region.current: Read complete after 0s [id=us-east-1]
aws_iam_role_policy_attachment.task_execution: Refreshing state... [id=node-hello-exec-20260125183455405000000001-20260125183456116800000004]
aws_ecs_task_definition.this: Refreshing state... [id=node-hello]
data.aws_vpc.default: Read complete after 0s [id=vpc-2df5bd556610ed8fb]
data.aws_subnets.default: Reading...
aws_security_group.app: Refreshing state... [id=sg-3f262d30d95859c32]
aws_lb_target_group.this: Refreshing state... [id=arn:aws:elasticloadbalancing:us-east-1:000000000000:targetgroup/tg-20260125183455406200000003/df3b20b845258086]
data.aws_subnets.default: Read complete after 0s [id=us-east-1]
aws_lb.this: Refreshing state... [id=arn:aws:elasticloadbalancing:us-east-1:000000000000:loadbalancer/app/node-hello/341df119c70ff6fc]
aws_lb_listener.http: Refreshing state... [id=arn:aws:elasticloadbalancing:us-east-1:000000000000:listener/app/node-hello/341df119c70ff6fc/ca5892fccc99b6aa]
aws_ecs_service.this: Refreshing state... [id=arn:aws:ecs:us-east-1:000000000000:service/node-hello/node-hello]

Terraform used the selected providers to generate the following execution
plan. Resource actions are indicated with the following symbols:
  ~ update in-place
-/+ destroy and then create replacement

Terraform will perform the following actions:

  # aws_ecs_service.this will be updated in-place
  ~ resource "aws_ecs_service" "this" {
      + availability_zone_rebalancing      = "DISABLED"
        id                                 = "arn:aws:ecs:us-east-1:000000000000:service/node-hello/node-hello"
        name                               = "node-hello"
        tags                               = {}
      ~ task_definition                    = "arn:aws:ecs:us-east-1:000000000000:task-definition/node-hello:1" -> (known after apply)
        # (14 unchanged attributes hidden)

        # (4 unchanged blocks hidden)
    }

  # aws_ecs_task_definition.this must be replaced
-/+ resource "aws_ecs_task_definition" "this" {
      ~ arn                      = "arn:aws:ecs:us-east-1:000000000000:task-definition/node-hello:1" -> (known after apply)
      ~ arn_without_revision     = "arn:aws:ecs:us-east-1:000000000000:task-definition/node-hello" -> (known after apply)
      ~ container_definitions    = jsonencode(
          ~ [
              ~ {
                  - mountPoints      = []
                    name             = "node-hello"
                  ~ portMappings     = [
                      ~ {
                          - hostPort      = 8469
                            # (2 unchanged attributes hidden)
                        },
                    ]
                  - volumesFrom      = []
                    # (4 unchanged attributes hidden)
                },
            ] # forces replacement
        )
      ~ enable_fault_injection   = false -> (known after apply)
      ~ id                       = "node-hello" -> (known after apply)
      ~ revision                 = 1 -> (known after apply)
      - tags                     = {} -> null
        # (12 unchanged attributes hidden)
    }

  # aws_lb_listener.http will be updated in-place
  ~ resource "aws_lb_listener" "http" {
        id                                                                  = "arn:aws:elasticloadbalancing:us-east-1:000000000000:listener/app/node-hello/341df119c70ff6fc/ca5892fccc99b6aa"
      ~ port                                                                = 4566 -> 80
        tags                                                                = {}
        # (16 unchanged attributes hidden)

        # (1 unchanged block hidden)
    }

Plan: 1 to add, 2 to change, 1 to destroy.
