data.aws_availability_zones.available: Reading...
data.aws_iam_policy_document.ecs_task_assume_role_policy: Reading...
data.aws_iam_policy_document.ecs_task_assume_role_policy: Read complete after 0s [id=1077804475]
data.aws_availability_zones.available: Read complete after 0s [id=us-east-1]

Terraform used the selected providers to generate the following execution
plan. Resource actions are indicated with the following symbols:
  + create

Terraform will perform the following actions:

  # aws_acm_certificate.cert will be created
  + resource "aws_acm_certificate" "cert" {
      + arn                       = (known after apply)
      + domain_name               = "example.com"
      + domain_validation_options = [
          + {
              + domain_name           = "example.com"
              + resource_record_name  = (known after apply)
              + resource_record_type  = (known after apply)
              + resource_record_value = (known after apply)
            },
        ]
      + id                        = (known after apply)
      + key_algorithm             = (known after apply)
      + not_after                 = (known after apply)
      + not_before                = (known after apply)
      + pending_renewal           = (known after apply)
      + region                    = "us-east-1"
      + renewal_eligibility       = (known after apply)
      + renewal_summary           = (known after apply)
      + status                    = (known after apply)
      + subject_alternative_names = [
          + "example.com",
        ]
      + tags_all                  = (known after apply)
      + type                      = (known after apply)
      + validation_emails         = (known after apply)
      + validation_method         = "DNS"

      + options (known after apply)
    }

  # aws_acm_certificate_validation.cert will be created
  + resource "aws_acm_certificate_validation" "cert" {
      + certificate_arn         = (known after apply)
      + id                      = (known after apply)
      + region                  = "us-east-1"
      + validation_record_fqdns = (known after apply)
    }

  # aws_cloudwatch_log_group.ecs will be created
  + resource "aws_cloudwatch_log_group" "ecs" {
      + arn                         = (known after apply)
      + deletion_protection_enabled = (known after apply)
      + id                          = (known after apply)
      + log_group_class             = (known after apply)
      + name                        = "/ecs/fastapi-app"
      + name_prefix                 = (known after apply)
      + region                      = "us-east-1"
      + retention_in_days           = 14
      + skip_destroy                = false
      + tags_all                    = (known after apply)
    }

  # aws_ecs_cluster.main will be created
  + resource "aws_ecs_cluster" "main" {
      + arn      = (known after apply)
      + id       = (known after apply)
      + name     = "fastapi-app-ecs-cluster"
      + region   = "us-east-1"
      + tags_all = (known after apply)

      + setting (known after apply)
    }

  # aws_ecs_service.app will be created
  + resource "aws_ecs_service" "app" {
      + arn                                = (known after apply)
      + availability_zone_rebalancing      = (known after apply)
      + cluster                            = (known after apply)
      + deployment_maximum_percent         = 200
      + deployment_minimum_healthy_percent = 100
      + desired_count                      = 1
      + enable_ecs_managed_tags            = false
      + enable_execute_command             = false
      + iam_role                           = (known after apply)
      + id                                 = (known after apply)
      + launch_type                        = "FARGATE"
      + name                               = "fastapi-app-service"
      + platform_version                   = (known after apply)
      + region                             = "us-east-1"
      + scheduling_strategy                = "REPLICA"
      + tags_all                           = (known after apply)
      + task_definition                    = (known after apply)
      + triggers                           = (known after apply)
      + wait_for_steady_state              = false

      + deployment_configuration (known after apply)

      + load_balancer {
          + container_name   = "fastapi-app"
          + container_port   = 8000
          + target_group_arn = (known after apply)
            # (1 unchanged attribute hidden)
        }

      + network_configuration {
          + assign_public_ip = false
          + security_groups  = (known after apply)
          + subnets          = (known after apply)
        }
    }

  # aws_ecs_task_definition.app will be created
  + resource "aws_ecs_task_definition" "app" {
      + arn                      = (known after apply)
      + arn_without_revision     = (known after apply)
      + container_definitions    = jsonencode(
            [
              + {
                  + environment      = [
                      + {
                          + name  = "VAULT_ADDR"
                          + value = "ai-tf"
                        },
                    ]
                  + image            = "<your_ecr_or_dockerhub_image>"
                  + logConfiguration = {
                      + logDriver = "awslogs"
                      + options   = {
                          + awslogs-group         = "/ecs/fastapi-app"
                          + awslogs-region        = "us-east-1"
                          + awslogs-stream-prefix = "ecs"
                        }
                    }
                  + name             = "fastapi-app"
                  + portMappings     = [
                      + {
                          + containerPort = 8000
                          + hostPort      = 8000
                          + protocol      = "tcp"
                        },
                    ]
                },
            ]
        )
      + cpu                      = "256"
      + enable_fault_injection   = (known after apply)
      + execution_role_arn       = (known after apply)
      + family                   = "fastapi-app-task"
      + id                       = (known after apply)
      + memory                   = "512"
      + network_mode             = "awsvpc"
      + region                   = "us-east-1"
      + requires_compatibilities = [
          + "FARGATE",
        ]
      + revision                 = (known after apply)
      + skip_destroy             = false
      + tags_all                 = (known after apply)
      + track_latest             = false
    }

  # aws_eip.nat will be created
  + resource "aws_eip" "nat" {
      + allocation_id        = (known after apply)
      + arn                  = (known after apply)
      + association_id       = (known after apply)
      + carrier_ip           = (known after apply)
      + customer_owned_ip    = (known after apply)
      + domain               = (known after apply)
      + id                   = (known after apply)
      + instance             = (known after apply)
      + ipam_pool_id         = (known after apply)
      + network_border_group = (known after apply)
      + network_interface    = (known after apply)
      + private_dns          = (known after apply)
      + private_ip           = (known after apply)
      + ptr_record           = (known after apply)
      + public_dns           = (known after apply)
      + public_ip            = (known after apply)
      + public_ipv4_pool     = (known after apply)
      + region               = "us-east-1"
      + tags_all             = (known after apply)
    }

  # aws_iam_role.ecs_task_execution will be created
  + resource "aws_iam_role" "ecs_task_execution" {
      + arn                   = (known after apply)
      + assume_role_policy    = jsonencode(
            {
              + Statement = [
                  + {
                      + Action    = "sts:AssumeRole"
                      + Effect    = "Allow"
                      + Principal = {
                          + Service = "ecs-tasks.amazonaws.com"
                        }
                    },
                ]
              + Version   = "2012-10-17"
            }
        )
      + create_date           = (known after apply)
      + force_detach_policies = false
      + id                    = (known after apply)
      + managed_policy_arns   = (known after apply)
      + max_session_duration  = 3600
      + name                  = "fastapi-app-ecs-task-execution-role"
      + name_prefix           = (known after apply)
      + path                  = "/"
      + tags_all              = (known after apply)
      + unique_id             = (known after apply)

      + inline_policy (known after apply)
    }

  # aws_iam_role_policy_attachment.ecs_task_execution_policy will be created
  + resource "aws_iam_role_policy_attachment" "ecs_task_execution_policy" {
      + id         = (known after apply)
      + policy_arn = "arn:aws:iam::aws:policy/service-role/AmazonECSTaskExecutionRolePolicy"
      + role       = "fastapi-app-ecs-task-execution-role"
    }

  # aws_instance.vault will be created
  + resource "aws_instance" "vault" {
      + ami                                  = "ami-0c94855ba95c71c99"
      + arn                                  = (known after apply)
      + associate_public_ip_address          = false
      + availability_zone                    = (known after apply)
      + disable_api_stop                     = (known after apply)
      + disable_api_termination              = (known after apply)
      + ebs_optimized                        = (known after apply)
      + enable_primary_ipv6                  = (known after apply)
      + force_destroy                        = false
      + get_password_data                    = false
      + host_id                              = (known after apply)
      + host_resource_group_arn              = (known after apply)
      + iam_instance_profile                 = (known after apply)
      + id                                   = (known after apply)
      + instance_initiated_shutdown_behavior = (known after apply)
      + instance_lifecycle                   = (known after apply)
      + instance_state                       = (known after apply)
      + instance_type                        = "t3.small"
      + ipv6_address_count                   = (known after apply)
      + ipv6_addresses                       = (known after apply)
      + key_name                             = (known after apply)
      + monitoring                           = (known after apply)
      + outpost_arn                          = (known after apply)
      + password_data                        = (known after apply)
      + placement_group                      = (known after apply)
      + placement_group_id                   = (known after apply)
      + placement_partition_number           = (known after apply)
      + primary_network_interface_id         = (known after apply)
      + private_dns                          = (known after apply)
      + private_ip                           = (known after apply)
      + public_dns                           = (known after apply)
      + public_ip                            = (known after apply)
      + region                               = "us-east-1"
      + secondary_private_ips                = (known after apply)
      + security_groups                      = (known after apply)
      + source_dest_check                    = true
      + spot_instance_request_id             = (known after apply)
      + subnet_id                            = (known after apply)
      + tags                                 = {
          + "Name" = "fastapi-app-vault"
        }
      + tags_all                             = {
          + "Name" = "fastapi-app-vault"
        }
      + tenancy                              = (known after apply)
      + user_data_base64                     = (known after apply)
      + user_data_replace_on_change          = false
      + vpc_security_group_ids               = (known after apply)

      + capacity_reservation_specification (known after apply)

      + cpu_options (known after apply)

      + ebs_block_device (known after apply)

      + enclave_options (known after apply)

      + ephemeral_block_device (known after apply)

      + instance_market_options (known after apply)

      + maintenance_options (known after apply)

      + metadata_options (known after apply)

      + network_interface (known after apply)

      + primary_network_interface (known after apply)

      + private_dns_name_options (known after apply)

      + root_block_device (known after apply)
    }

  # aws_internet_gateway.gw will be created
  + resource "aws_internet_gateway" "gw" {
      + arn      = (known after apply)
      + id       = (known after apply)
      + owner_id = (known after apply)
      + region   = "us-east-1"
      + tags     = {
          + "Name" = "fastapi-app-igw"
        }
      + tags_all = {
          + "Name" = "fastapi-app-igw"
        }
      + vpc_id   = (known after apply)
    }

  # aws_lb.app will be created
  + resource "aws_lb" "app" {
      + arn                                                          = (known after apply)
      + arn_suffix                                                   = (known after apply)
      + client_keep_alive                                            = 3600
      + desync_mitigation_mode                                       = "defensive"
      + dns_name                                                     = (known after apply)
      + drop_invalid_header_fields                                   = false
      + enable_deletion_protection                                   = false
      + enable_http2                                                 = true
      + enable_tls_version_and_cipher_suite_headers                  = false
      + enable_waf_fail_open                                         = false
      + enable_xff_client_port                                       = false
      + enable_zonal_shift                                           = false
      + enforce_security_group_inbound_rules_on_private_link_traffic = (known after apply)
      + id                                                           = (known after apply)
      + idle_timeout                                                 = 60
      + internal                                                     = false
      + ip_address_type                                              = (known after apply)
      + load_balancer_type                                           = "application"
      + name                                                         = "fastapi-app-alb"
      + name_prefix                                                  = (known after apply)
      + preserve_host_header                                         = false
      + region                                                       = "us-east-1"
      + secondary_ips_auto_assigned_per_subnet                       = (known after apply)
      + security_groups                                              = (known after apply)
      + subnets                                                      = (known after apply)
      + tags                                                         = {
          + "Name" = "fastapi-app-alb"
        }
      + tags_all                                                     = {
          + "Name" = "fastapi-app-alb"
        }
      + vpc_id                                                       = (known after apply)
      + xff_header_processing_mode                                   = "append"
      + zone_id                                                      = (known after apply)

      + subnet_mapping (known after apply)
    }

  # aws_lb_listener.https will be created
  + resource "aws_lb_listener" "https" {
      + arn                                                                   = (known after apply)
      + certificate_arn                                                       = (known after apply)
      + id                                                                    = (known after apply)
      + load_balancer_arn                                                     = (known after apply)
      + port                                                                  = 443
      + protocol                                                              = "HTTPS"
      + region                                                                = "us-east-1"
      + routing_http_request_x_amzn_mtls_clientcert_header_name               = (known after apply)
      + routing_http_request_x_amzn_mtls_clientcert_issuer_header_name        = (known after apply)
      + routing_http_request_x_amzn_mtls_clientcert_leaf_header_name          = (known after apply)
      + routing_http_request_x_amzn_mtls_clientcert_serial_number_header_name = (known after apply)
      + routing_http_request_x_amzn_mtls_clientcert_subject_header_name       = (known after apply)
      + routing_http_request_x_amzn_mtls_clientcert_validity_header_name      = (known after apply)
      + routing_http_request_x_amzn_tls_cipher_suite_header_name              = (known after apply)
      + routing_http_request_x_amzn_tls_version_header_name                   = (known after apply)
      + routing_http_response_access_control_allow_credentials_header_value   = (known after apply)
      + routing_http_response_access_control_allow_headers_header_value       = (known after apply)
      + routing_http_response_access_control_allow_methods_header_value       = (known after apply)
      + routing_http_response_access_control_allow_origin_header_value        = (known after apply)
      + routing_http_response_access_control_expose_headers_header_value      = (known after apply)
      + routing_http_response_access_control_max_age_header_value             = (known after apply)
      + routing_http_response_content_security_policy_header_value            = (known after apply)
      + routing_http_response_server_enabled                                  = (known after apply)
      + routing_http_response_strict_transport_security_header_value          = (known after apply)
      + routing_http_response_x_content_type_options_header_value             = (known after apply)
      + routing_http_response_x_frame_options_header_value                    = (known after apply)
      + ssl_policy                                                            = "ELBSecurityPolicy-2016-08"
      + tags_all                                                              = (known after apply)
      + tcp_idle_timeout_seconds                                              = (known after apply)

      + default_action {
          + order            = (known after apply)
          + target_group_arn = (known after apply)
          + type             = "forward"
        }

      + mutual_authentication (known after apply)
    }

  # aws_lb_target_group.app will be created
  + resource "aws_lb_target_group" "app" {
      + arn                                = (known after apply)
      + arn_suffix                         = (known after apply)
      + connection_termination             = (known after apply)
      + deregistration_delay               = "300"
      + id                                 = (known after apply)
      + ip_address_type                    = (known after apply)
      + lambda_multi_value_headers_enabled = false
      + load_balancer_arns                 = (known after apply)
      + load_balancing_algorithm_type      = (known after apply)
      + load_balancing_anomaly_mitigation  = (known after apply)
      + load_balancing_cross_zone_enabled  = (known after apply)
      + name                               = "fastapi-app-tg"
      + name_prefix                        = (known after apply)
      + port                               = 8000
      + preserve_client_ip                 = (known after apply)
      + protocol                           = "HTTP"
      + protocol_version                   = (known after apply)
      + proxy_protocol_v2                  = false
      + region                             = "us-east-1"
      + slow_start                         = 0
      + tags                               = {
          + "Name" = "fastapi-app-tg"
        }
      + tags_all                           = {
          + "Name" = "fastapi-app-tg"
        }
      + target_type                        = "instance"
      + vpc_id                             = (known after apply)

      + health_check {
          + enabled             = true
          + healthy_threshold   = 2
          + interval            = 30
          + matcher             = "200-399"
          + path                = "/docs"
          + port                = "traffic-port"
          + protocol            = "HTTP"
          + timeout             = 5
          + unhealthy_threshold = 2
        }

      + stickiness (known after apply)

      + target_failover (known after apply)

      + target_group_health (known after apply)

      + target_health_state (known after apply)
    }

  # aws_nat_gateway.gw will be created
  + resource "aws_nat_gateway" "gw" {
      + allocation_id                      = (known after apply)
      + association_id                     = (known after apply)
      + auto_provision_zones               = (known after apply)
      + auto_scaling_ips                   = (known after apply)
      + availability_mode                  = (known after apply)
      + connectivity_type                  = "public"
      + id                                 = (known after apply)
      + network_interface_id               = (known after apply)
      + private_ip                         = (known after apply)
      + public_ip                          = (known after apply)
      + region                             = "us-east-1"
      + regional_nat_gateway_address       = (known after apply)
      + regional_nat_gateway_auto_mode     = (known after apply)
      + route_table_id                     = (known after apply)
      + secondary_allocation_ids           = (known after apply)
      + secondary_private_ip_address_count = (known after apply)
      + secondary_private_ip_addresses     = (known after apply)
      + subnet_id                          = (known after apply)
      + tags                               = {
          + "Name" = "fastapi-app-nat"
        }
      + tags_all                           = {
          + "Name" = "fastapi-app-nat"
        }
      + vpc_id                             = (known after apply)
    }

  # aws_route.private_nat_gateway will be created
  + resource "aws_route" "private_nat_gateway" {
      + destination_cidr_block = "0.0.0.0/0"
      + id                     = (known after apply)
      + instance_id            = (known after apply)
      + instance_owner_id      = (known after apply)
      + nat_gateway_id         = (known after apply)
      + network_interface_id   = (known after apply)
      + origin                 = (known after apply)
      + region                 = "us-east-1"
      + route_table_id         = (known after apply)
      + state                  = (known after apply)
    }

  # aws_route.public_internet_access will be created
  + resource "aws_route" "public_internet_access" {
      + destination_cidr_block = "0.0.0.0/0"
      + gateway_id             = (known after apply)
      + id                     = (known after apply)
      + instance_id            = (known after apply)
      + instance_owner_id      = (known after apply)
      + network_interface_id   = (known after apply)
      + origin                 = (known after apply)
      + region                 = "us-east-1"
      + route_table_id         = (known after apply)
      + state                  = (known after apply)
    }

  # aws_route53_record.cert_validation["example.com"] will be created
  + resource "aws_route53_record" "cert_validation" {
      + allow_overwrite = (known after apply)
      + fqdn            = (known after apply)
      + id              = (known after apply)
      + name            = (known after apply)
      + records         = (known after apply)
      + ttl             = 60
      + type            = (known after apply)
      + zone_id         = (known after apply)
    }

  # aws_route53_zone.main will be created
  + resource "aws_route53_zone" "main" {
      + arn                         = (known after apply)
      + comment                     = "Managed by Terraform"
      + enable_accelerated_recovery = (known after apply)
      + force_destroy               = false
      + id                          = (known after apply)
      + name                        = "example.com"
      + name_servers                = (known after apply)
      + primary_name_server         = (known after apply)
      + tags_all                    = (known after apply)
      + zone_id                     = (known after apply)
    }

  # aws_route_table.private will be created
  + resource "aws_route_table" "private" {
      + arn              = (known after apply)
      + id               = (known after apply)
      + owner_id         = (known after apply)
      + propagating_vgws = (known after apply)
      + region           = "us-east-1"
      + route            = (known after apply)
      + tags             = {
          + "Name" = "fastapi-app-private-rt"
        }
      + tags_all         = {
          + "Name" = "fastapi-app-private-rt"
        }
      + vpc_id           = (known after apply)
    }

  # aws_route_table.public will be created
  + resource "aws_route_table" "public" {
      + arn              = (known after apply)
      + id               = (known after apply)
      + owner_id         = (known after apply)
      + propagating_vgws = (known after apply)
      + region           = "us-east-1"
      + route            = (known after apply)
      + tags             = {
          + "Name" = "fastapi-app-public-rt"
        }
      + tags_all         = {
          + "Name" = "fastapi-app-public-rt"
        }
      + vpc_id           = (known after apply)
    }

  # aws_route_table_association.private[0] will be created
  + resource "aws_route_table_association" "private" {
      + id             = (known after apply)
      + region         = "us-east-1"
      + route_table_id = (known after apply)
      + subnet_id      = (known after apply)
    }

  # aws_route_table_association.private[1] will be created
  + resource "aws_route_table_association" "private" {
      + id             = (known after apply)
      + region         = "us-east-1"
      + route_table_id = (known after apply)
      + subnet_id      = (known after apply)
    }

  # aws_route_table_association.public[0] will be created
  + resource "aws_route_table_association" "public" {
      + id             = (known after apply)
      + region         = "us-east-1"
      + route_table_id = (known after apply)
      + subnet_id      = (known after apply)
    }

  # aws_route_table_association.public[1] will be created
  + resource "aws_route_table_association" "public" {
      + id             = (known after apply)
      + region         = "us-east-1"
      + route_table_id = (known after apply)
      + subnet_id      = (known after apply)
    }

  # aws_s3_bucket.app will be created
  + resource "aws_s3_bucket" "app" {
      + acceleration_status         = (known after apply)
      + acl                         = (known after apply)
      + arn                         = (known after apply)
      + bucket                      = (known after apply)
      + bucket_domain_name          = (known after apply)
      + bucket_prefix               = (known after apply)
      + bucket_region               = (known after apply)
      + bucket_regional_domain_name = (known after apply)
      + force_destroy               = true
      + hosted_zone_id              = (known after apply)
      + id                          = (known after apply)
      + object_lock_enabled         = (known after apply)
      + policy                      = (known after apply)
      + region                      = "us-east-1"
      + request_payer               = (known after apply)
      + tags                        = {
          + "Name" = "fastapi-app-assets"
        }
      + tags_all                    = {
          + "Name" = "fastapi-app-assets"
        }
      + website_domain              = (known after apply)
      + website_endpoint            = (known after apply)

      + cors_rule (known after apply)

      + grant (known after apply)

      + lifecycle_rule (known after apply)

      + logging (known after apply)

      + object_lock_configuration (known after apply)

      + replication_configuration (known after apply)

      + server_side_encryption_configuration (known after apply)

      + versioning (known after apply)

      + website (known after apply)
    }

  # aws_security_group.alb will be created
  + resource "aws_security_group" "alb" {
      + arn                    = (known after apply)
      + description            = "Allow HTTP/HTTPS inbound traffic"
      + egress                 = [
          + {
              + cidr_blocks      = [
                  + "0.0.0.0/0",
                ]
              + from_port        = 0
              + ipv6_cidr_blocks = []
              + prefix_list_ids  = []
              + protocol         = "-1"
              + security_groups  = []
              + self             = false
              + to_port          = 0
                # (1 unchanged attribute hidden)
            },
        ]
      + id                     = (known after apply)
      + ingress                = [
          + {
              + cidr_blocks      = [
                  + "0.0.0.0/0",
                ]
              + from_port        = 443
              + ipv6_cidr_blocks = []
              + prefix_list_ids  = []
              + protocol         = "tcp"
              + security_groups  = []
              + self             = false
              + to_port          = 443
                # (1 unchanged attribute hidden)
            },
        ]
      + name                   = "fastapi-app-alb-sg"
      + name_prefix            = (known after apply)
      + owner_id               = (known after apply)
      + region                 = "us-east-1"
      + revoke_rules_on_delete = false
      + tags                   = {
          + "Name" = "fastapi-app-alb-sg"
        }
      + tags_all               = {
          + "Name" = "fastapi-app-alb-sg"
        }
      + vpc_id                 = (known after apply)
    }

  # aws_security_group.ecs will be created
  + resource "aws_security_group" "ecs" {
      + arn                    = (known after apply)
      + description            = "Allow traffic from ALB"
      + egress                 = [
          + {
              + cidr_blocks      = [
                  + "0.0.0.0/0",
                ]
              + from_port        = 0
              + ipv6_cidr_blocks = []
              + prefix_list_ids  = []
              + protocol         = "-1"
              + security_groups  = []
              + self             = false
              + to_port          = 0
                # (1 unchanged attribute hidden)
            },
        ]
      + id                     = (known after apply)
      + ingress                = [
          + {
              + cidr_blocks      = []
              + from_port        = 8000
              + ipv6_cidr_blocks = []
              + prefix_list_ids  = []
              + protocol         = "tcp"
              + security_groups  = (known after apply)
              + self             = false
              + to_port          = 8000
                # (1 unchanged attribute hidden)
            },
        ]
      + name                   = "fastapi-app-ecs-sg"
      + name_prefix            = (known after apply)
      + owner_id               = (known after apply)
      + region                 = "us-east-1"
      + revoke_rules_on_delete = false
      + tags                   = {
          + "Name" = "fastapi-app-ecs-sg"
        }
      + tags_all               = {
          + "Name" = "fastapi-app-ecs-sg"
        }
      + vpc_id                 = (known after apply)
    }

  # aws_security_group.vault will be created
  + resource "aws_security_group" "vault" {
      + arn                    = (known after apply)
      + description            = "Allow FastAPI app to access Vault"
      + egress                 = [
          + {
              + cidr_blocks      = [
                  + "0.0.0.0/0",
                ]
              + from_port        = 0
              + ipv6_cidr_blocks = []
              + prefix_list_ids  = []
              + protocol         = "-1"
              + security_groups  = []
              + self             = false
              + to_port          = 0
                # (1 unchanged attribute hidden)
            },
        ]
      + id                     = (known after apply)
      + ingress                = [
          + {
              + cidr_blocks      = []
              + from_port        = 8200
              + ipv6_cidr_blocks = []
              + prefix_list_ids  = []
              + protocol         = "tcp"
              + security_groups  = (known after apply)
              + self             = false
              + to_port          = 8200
                # (1 unchanged attribute hidden)
            },
        ]
      + name                   = "fastapi-app-vault-sg"
      + name_prefix            = (known after apply)
      + owner_id               = (known after apply)
      + region                 = "us-east-1"
      + revoke_rules_on_delete = false
      + tags                   = {
          + "Name" = "fastapi-app-vault-sg"
        }
      + tags_all               = {
          + "Name" = "fastapi-app-vault-sg"
        }
      + vpc_id                 = (known after apply)
    }

  # aws_subnet.private[0] will be created
  + resource "aws_subnet" "private" {
      + arn                                            = (known after apply)
      + assign_ipv6_address_on_creation                = false
      + availability_zone                              = "us-east-1a"
      + availability_zone_id                           = (known after apply)
      + cidr_block                                     = "10.0.101.0/24"
      + enable_dns64                                   = false
      + enable_resource_name_dns_a_record_on_launch    = false
      + enable_resource_name_dns_aaaa_record_on_launch = false
      + id                                             = (known after apply)
      + ipv6_cidr_block_association_id                 = (known after apply)
      + ipv6_native                                    = false
      + map_public_ip_on_launch                        = false
      + owner_id                                       = (known after apply)
      + private_dns_hostname_type_on_launch            = (known after apply)
      + region                                         = "us-east-1"
      + tags                                           = {
          + "Name" = "fastapi-app-private-0"
        }
      + tags_all                                       = {
          + "Name" = "fastapi-app-private-0"
        }
      + vpc_id                                         = (known after apply)
    }

  # aws_subnet.private[1] will be created
  + resource "aws_subnet" "private" {
      + arn                                            = (known after apply)
      + assign_ipv6_address_on_creation                = false
      + availability_zone                              = "us-east-1b"
      + availability_zone_id                           = (known after apply)
      + cidr_block                                     = "10.0.102.0/24"
      + enable_dns64                                   = false
      + enable_resource_name_dns_a_record_on_launch    = false
      + enable_resource_name_dns_aaaa_record_on_launch = false
      + id                                             = (known after apply)
      + ipv6_cidr_block_association_id                 = (known after apply)
      + ipv6_native                                    = false
      + map_public_ip_on_launch                        = false
      + owner_id                                       = (known after apply)
      + private_dns_hostname_type_on_launch            = (known after apply)
      + region                                         = "us-east-1"
      + tags                                           = {
          + "Name" = "fastapi-app-private-1"
        }
      + tags_all                                       = {
          + "Name" = "fastapi-app-private-1"
        }
      + vpc_id                                         = (known after apply)
    }

  # aws_subnet.public[0] will be created
  + resource "aws_subnet" "public" {
      + arn                                            = (known after apply)
      + assign_ipv6_address_on_creation                = false
      + availability_zone                              = "us-east-1a"
      + availability_zone_id                           = (known after apply)
      + cidr_block                                     = "10.0.1.0/24"
      + enable_dns64                                   = false
      + enable_resource_name_dns_a_record_on_launch    = false
      + enable_resource_name_dns_aaaa_record_on_launch = false
      + id                                             = (known after apply)
      + ipv6_cidr_block_association_id                 = (known after apply)
      + ipv6_native                                    = false
      + map_public_ip_on_launch                        = true
      + owner_id                                       = (known after apply)
      + private_dns_hostname_type_on_launch            = (known after apply)
      + region                                         = "us-east-1"
      + tags                                           = {
          + "Name" = "fastapi-app-public-0"
        }
      + tags_all                                       = {
          + "Name" = "fastapi-app-public-0"
        }
      + vpc_id                                         = (known after apply)
    }

  # aws_subnet.public[1] will be created
  + resource "aws_subnet" "public" {
      + arn                                            = (known after apply)
      + assign_ipv6_address_on_creation                = false
      + availability_zone                              = "us-east-1b"
      + availability_zone_id                           = (known after apply)
      + cidr_block                                     = "10.0.2.0/24"
      + enable_dns64                                   = false
      + enable_resource_name_dns_a_record_on_launch    = false
      + enable_resource_name_dns_aaaa_record_on_launch = false
      + id                                             = (known after apply)
      + ipv6_cidr_block_association_id                 = (known after apply)
      + ipv6_native                                    = false
      + map_public_ip_on_launch                        = true
      + owner_id                                       = (known after apply)
      + private_dns_hostname_type_on_launch            = (known after apply)
      + region                                         = "us-east-1"
      + tags                                           = {
          + "Name" = "fastapi-app-public-1"
        }
      + tags_all                                       = {
          + "Name" = "fastapi-app-public-1"
        }
      + vpc_id                                         = (known after apply)
    }

  # aws_vpc.main will be created
  + resource "aws_vpc" "main" {
      + arn                                  = (known after apply)
      + cidr_block                           = "10.0.0.0/16"
      + default_network_acl_id               = (known after apply)
      + default_route_table_id               = (known after apply)
      + default_security_group_id            = (known after apply)
      + dhcp_options_id                      = (known after apply)
      + enable_dns_hostnames                 = true
      + enable_dns_support                   = true
      + enable_network_address_usage_metrics = (known after apply)
      + id                                   = (known after apply)
      + instance_tenancy                     = "default"
      + ipv6_association_id                  = (known after apply)
      + ipv6_cidr_block                      = (known after apply)
      + ipv6_cidr_block_network_border_group = (known after apply)
      + main_route_table_id                  = (known after apply)
      + owner_id                             = (known after apply)
      + region                               = "us-east-1"
      + tags                                 = {
          + "Name" = "fastapi-app-vpc"
        }
      + tags_all                             = {
          + "Name" = "fastapi-app-vpc"
        }
    }

  # random_id.suffix will be created
  + resource "random_id" "suffix" {
      + b64_std     = (known after apply)
      + b64_url     = (known after apply)
      + byte_length = 4
      + dec         = (known after apply)
      + hex         = (known after apply)
      + id          = (known after apply)
    }

Plan: 35 to add, 0 to change, 0 to destroy.

Changes to Outputs:
  + alb_dns_name       = (known after apply)
  + ecs_cluster_name   = "fastapi-app-ecs-cluster"
  + private_subnet_ids = [
      + (known after apply),
      + (known after apply),
    ]
  + public_subnet_ids  = [
      + (known after apply),
      + (known after apply),
    ]
  + vault_instance_id  = (known after apply)
  + vpc_id             = (known after apply)
random_id.suffix: Creating...
random_id.suffix: Creation complete after 0s [id=jvG9jA]
aws_cloudwatch_log_group.ecs: Creating...
aws_vpc.main: Creating...
aws_eip.nat: Creating...
aws_route53_zone.main: Creating...
aws_ecs_cluster.main: Creating...
aws_iam_role.ecs_task_execution: Creating...
aws_acm_certificate.cert: Creating...
aws_s3_bucket.app: Creating...
aws_eip.nat: Creation complete after 0s [id=eipalloc-63f338101f7eb6938]
aws_acm_certificate.cert: Creation complete after 0s [id=arn:aws:acm:us-east-1:000000000000:certificate/7085258a-bc05-461d-bfad-188f31ddff2f]
aws_iam_role.ecs_task_execution: Creation complete after 0s [id=fastapi-app-ecs-task-execution-role]
aws_iam_role_policy_attachment.ecs_task_execution_policy: Creating...
aws_ecs_task_definition.app: Creating...
aws_iam_role_policy_attachment.ecs_task_execution_policy: Creation complete after 0s [id=fastapi-app-ecs-task-execution-role/arn:aws:iam::aws:policy/service-role/AmazonECSTaskExecutionRolePolicy]
aws_cloudwatch_log_group.ecs: Creation complete after 1s [id=/ecs/fastapi-app]
aws_route53_zone.main: Still creating... [00m10s elapsed]
aws_vpc.main: Still creating... [00m10s elapsed]
aws_ecs_cluster.main: Still creating... [00m10s elapsed]
aws_vpc.main: Creation complete after 10s [id=vpc-5f2e4eae6da023fff]
aws_subnet.private[1]: Creating...
aws_route_table.private: Creating...
aws_subnet.private[0]: Creating...
aws_route_table.public: Creating...
aws_security_group.alb: Creating...
aws_subnet.public[0]: Creating...
aws_internet_gateway.gw: Creating...
aws_lb_target_group.app: Creating...
aws_subnet.private[0]: Creation complete after 0s [id=subnet-4b4fbcee3984492b5]
aws_internet_gateway.gw: Creation complete after 0s [id=igw-e62fb7aee552d8a6b]
aws_subnet.private[1]: Creation complete after 0s [id=subnet-db65be9b5118ee4c8]
aws_subnet.public[1]: Creating...
aws_lb_target_group.app: Creation complete after 0s [id=arn:aws:elasticloadbalancing:us-east-1:000000000000:targetgroup/fastapi-app-tg/330644a298639c3c]
aws_route_table.public: Creation complete after 0s [id=rtb-8bb26b0c710f1a759]
aws_route.public_internet_access: Creating...
aws_route_table.private: Creation complete after 0s [id=rtb-c8bdb843dbbdd0630]
aws_route_table_association.private[0]: Creating...
aws_route_table_association.private[1]: Creating...
aws_route_table_association.private[1]: Creation complete after 0s [id=rtbassoc-74c5f4b3d45280599]
aws_route_table_association.private[0]: Creation complete after 0s [id=rtbassoc-69a4bc8c50515c45d]
aws_route.public_internet_access: Creation complete after 0s [id=r-rtb-8bb26b0c710f1a7591080289494]
aws_security_group.alb: Creation complete after 0s [id=sg-8852d891071e09f9a]
aws_security_group.ecs: Creating...
aws_ecs_cluster.main: Creation complete after 10s [id=arn:aws:ecs:us-east-1:000000000000:cluster/fastapi-app-ecs-cluster]
aws_security_group.ecs: Creation complete after 0s [id=sg-2b06d76530fd818fb]
aws_security_group.vault: Creating...
aws_security_group.vault: Creation complete after 1s [id=sg-59d47dc5c2d8b18a3]
aws_instance.vault: Creating...
aws_route53_zone.main: Creation complete after 17s [id=QA55IM31XZUUXC0PKFK4H5]
aws_route53_record.cert_validation["example.com"]: Creating...
aws_subnet.public[0]: Still creating... [00m10s elapsed]
aws_subnet.public[1]: Still creating... [00m10s elapsed]
aws_subnet.public[0]: Creation complete after 10s [id=subnet-e9fce38218d70df28]
aws_nat_gateway.gw: Creating...
aws_subnet.public[1]: Creation complete after 10s [id=subnet-f25747d7c7fb737b9]
aws_nat_gateway.gw: Creation complete after 0s [id=nat-af5aeac76b36f8ba9]
aws_route_table_association.public[1]: Creating...
aws_route_table_association.public[0]: Creating...
aws_route.private_nat_gateway: Creating...
aws_lb.app: Creating...
aws_route_table_association.public[1]: Creation complete after 0s [id=rtbassoc-7ede8f4e503962b8a]
aws_route_table_association.public[0]: Creation complete after 0s [id=rtbassoc-85b27826b76bb160f]
aws_route.private_nat_gateway: Creation complete after 0s [id=r-rtb-c8bdb843dbbdd06301080289494]
aws_route53_record.cert_validation["example.com"]: Still creating... [00m10s elapsed]
aws_lb.app: Still creating... [00m10s elapsed]
aws_route53_record.cert_validation["example.com"]: Creation complete after 15s [id=QA55IM31XZUUXC0PKFK4H5__d930b28be6c5927595552b219965053e.example.com._CNAME]
aws_acm_certificate_validation.cert: Creating...
aws_acm_certificate_validation.cert: Creation complete after 0s [id=2025-12-22 20:25:05.916 +0000 UTC]
aws_lb.app: Still creating... [00m20s elapsed]
aws_lb.app: Still creating... [00m30s elapsed]
