{
  "version": 4,
  "terraform_version": "1.13.5",
  "serial": 1,
  "lineage": "5e42d887-6623-a4c2-df52-4cd9f7ca6931",
  "outputs": {},
  "resources": [
    {
      "mode": "managed",
      "type": "random_id",
      "name": "suffix",
      "provider": "provider[\"registry.terraform.io/hashicorp/random\"]",
      "instances": [
        {
          "schema_version": 0,
          "attributes": {
            "b64_std": "WI41RQ==",
            "b64_url": "WI41RQ",
            "byte_length": 4,
            "dec": "1485714757",
            "hex": "588e3545",
            "id": "WI41RQ",
            "keepers": null,
            "prefix": null
          },
          "sensitive_attributes": [],
          "identity_schema_version": 0
        }
      ]
    }
  ],
  "check_results": null
}
