{
  "version": 4,
  "terraform_version": "1.13.5",
  "serial": 4,
  "lineage": "65de8eda-79bd-be76-a431-da6228a02934",
  "outputs": {},
  "resources": [
    {
      "mode": "managed",
      "type": "aws_cloudfront_origin_access_control",
      "name": "static_site",
      "provider": "provider[\"registry.terraform.io/hashicorp/aws\"]",
      "instances": [
        {
          "schema_version": 0,
          "attributes": {
            "arn": "arn:aws:cloudfront::000000000000:origin-access-control/4645FB54",
            "description": "OAC for static site",
            "etag": "866ce69f",
            "id": "4645FB54",
            "name": "box-game-oac",
            "origin_access_control_origin_type": "s3",
            "signing_behavior": "always",
            "signing_protocol": "sigv4"
          },
          "sensitive_attributes": [],
          "identity_schema_version": 0,
          "private": "bnVsbA=="
        }
      ]
    },
    {
      "mode": "managed",
      "type": "random_id",
      "name": "suffix",
      "provider": "provider[\"registry.terraform.io/hashicorp/random\"]",
      "instances": [
        {
          "schema_version": 0,
          "attributes": {
            "b64_std": "imb5Bg==",
            "b64_url": "imb5Bg",
            "byte_length": 4,
            "dec": "2322004230",
            "hex": "8a66f906",
            "id": "imb5Bg",
            "keepers": null,
            "prefix": null
          },
          "sensitive_attributes": [],
          "identity_schema_version": 0
        }
      ]
    }
  ],
  "check_results": null
}
