{"format_version":"1.2","terraform_version":"1.13.5","variables":{"app_name":{"value":"home-automation"},"aws_region":{"value":"us-east-1"},"influxdb_bucket":{"value":""},"influxdb_org":{"value":""},"influxdb_token":{"value":""},"influxdb_url":{"value":""},"lambda_image_tag":{"value":"latest"},"schedule_expression":{"value":"rate(5 minutes)"},"tuya_apikey":{"value":""},"tuya_apisecret":{"value":""},"tuya_apisregion":{"value":""}},"planned_values":{"outputs":{"ecr_repository_url":{"sensitive":false},"event_rule_name":{"sensitive":false,"type":"string","value":"home-automation-schedule"},"lambda_function_name":{"sensitive":false,"type":"string","value":"home-automation"}},"root_module":{"resources":[{"address":"aws_cloudwatch_event_rule.schedule","mode":"managed","type":"aws_cloudwatch_event_rule","name":"schedule","provider_name":"registry.terraform.io/hashicorp/aws","schema_version":1,"values":{"description":"Periodic trigger for home-automation Lambda","event_bus_name":"default","event_pattern":null,"force_destroy":false,"is_enabled":null,"name":"home-automation-schedule","role_arn":null,"schedule_expression":"rate(5 minutes)","state":null,"tags":null,"tags_all":{"Application":"home-automation","ManagedBy":"terraform"}},"sensitive_values":{"tags_all":{}}},{"address":"aws_cloudwatch_event_target.lambda","mode":"managed","type":"aws_cloudwatch_event_target","name":"lambda","provider_name":"registry.terraform.io/hashicorp/aws","schema_version":1,"values":{"appsync_target":[],"batch_target":[],"dead_letter_config":[],"ecs_target":[],"event_bus_name":"default","force_destroy":false,"http_target":[],"input":null,"input_path":null,"input_transformer":[],"kinesis_target":[],"redshift_target":[],"retry_policy":[],"role_arn":null,"rule":"home-automation-schedule","run_command_targets":[],"sagemaker_pipeline_target":[],"sqs_target":[],"target_id":"lambda"},"sensitive_values":{"appsync_target":[],"batch_target":[],"dead_letter_config":[],"ecs_target":[],"http_target":[],"input_transformer":[],"kinesis_target":[],"redshift_target":[],"retry_policy":[],"run_command_targets":[],"sagemaker_pipeline_target":[],"sqs_target":[]}},{"address":"aws_cloudwatch_log_group.lambda","mode":"managed","type":"aws_cloudwatch_log_group","name":"lambda","provider_name":"registry.terraform.io/hashicorp/aws","schema_version":0,"values":{"kms_key_id":null,"name":"/aws/lambda/home-automation","retention_in_days":14,"skip_destroy":false,"tags":null,"tags_all":{"Application":"home-automation","ManagedBy":"terraform"}},"sensitive_values":{"tags_all":{}}},{"address":"aws_ecr_repository.app","mode":"managed","type":"aws_ecr_repository","name":"app","provider_name":"registry.terraform.io/hashicorp/aws","schema_version":0,"values":{"encryption_configuration":[],"force_delete":null,"image_scanning_configuration":[{"scan_on_push":true}],"image_tag_mutability":"MUTABLE","name":"home-automation","tags":null,"tags_all":{"Application":"home-automation","ManagedBy":"terraform"},"timeouts":null},"sensitive_values":{"encryption_configuration":[],"image_scanning_configuration":[{}],"tags_all":{}}},{"address":"aws_iam_role.lambda","mode":"managed","type":"aws_iam_role","name":"lambda","provider_name":"registry.terraform.io/hashicorp/aws","schema_version":0,"values":{"assume_role_policy":"{\"Statement\":[{\"Action\":\"sts:AssumeRole\",\"Effect\":\"Allow\",\"Principal\":{\"Service\":\"lambda.amazonaws.com\"}}],\"Version\":\"2012-10-17\"}","description":null,"force_detach_policies":false,"max_session_duration":3600,"name":"home-automation-lambda-role","path":"/","permissions_boundary":null,"tags":null,"tags_all":{"Application":"home-automation","ManagedBy":"terraform"}},"sensitive_values":{"inline_policy":[],"managed_policy_arns":[],"tags_all":{}}},{"address":"aws_iam_role_policy_attachment.lambda_basic","mode":"managed","type":"aws_iam_role_policy_attachment","name":"lambda_basic","provider_name":"registry.terraform.io/hashicorp/aws","schema_version":0,"values":{"policy_arn":"arn:aws:iam::aws:policy/service-role/AWSLambdaBasicExecutionRole","role":"home-automation-lambda-role"},"sensitive_values":{}},{"address":"aws_lambda_function.app","mode":"managed","type":"aws_lambda_function","name":"app","provider_name":"registry.terraform.io/hashicorp/aws","schema_version":0,"values":{"code_signing_config_arn":null,"dead_letter_config":[],"description":null,"environment":[{"variables":{"INFLUXDB_BUCKET":"","INFLUXDB_ORG":"","INFLUXDB_TOKEN":"","INFLUXDB_URL":"","TUYA_APIKEY":"","TUYA_APISECRET":"","TUYA_APISREGION":""}}],"file_system_config":[],"filename":null,"function_name":"home-automation","handler":null,"image_config":[],"kms_key_arn":null,"layers":null,"memory_size":256,"package_type":"Image","publish":false,"replace_security_groups_on_destroy":null,"replacement_security_group_ids":null,"reserved_concurrent_executions":-1,"runtime":null,"s3_bucket":null,"s3_key":null,"s3_object_version":null,"skip_destroy":false,"snap_start":[],"tags":null,"tags_all":{"Application":"home-automation","ManagedBy":"terraform"},"timeout":60,"timeouts":null,"vpc_config":[]},"sensitive_values":{"architectures":[],"dead_letter_config":[],"environment":[{"variables":{"INFLUXDB_TOKEN":true,"INFLUXDB_URL":true,"TUYA_APIKEY":true,"TUYA_APISECRET":true}}],"ephemeral_storage":[],"file_system_config":[],"image_config":[],"logging_config":[],"snap_start":[],"tags_all":{},"tracing_config":[],"vpc_config":[]}},{"address":"aws_lambda_permission.allow_events","mode":"managed","type":"aws_lambda_permission","name":"allow_events","provider_name":"registry.terraform.io/hashicorp/aws","schema_version":0,"values":{"action":"lambda:InvokeFunction","event_source_token":null,"function_name":"home-automation","function_url_auth_type":null,"principal":"events.amazonaws.com","principal_org_id":null,"qualifier":null,"source_account":null,"statement_id":"AllowExecutionFromEventBridge"},"sensitive_values":{}}]}},"resource_changes":[{"address":"aws_cloudwatch_event_rule.schedule","mode":"managed","type":"aws_cloudwatch_event_rule","name":"schedule","provider_name":"registry.terraform.io/hashicorp/aws","change":{"actions":["create"],"before":null,"after":{"description":"Periodic trigger for home-automation Lambda","event_bus_name":"default","event_pattern":null,"force_destroy":false,"is_enabled":null,"name":"home-automation-schedule","role_arn":null,"schedule_expression":"rate(5 minutes)","state":null,"tags":null,"tags_all":{"Application":"home-automation","ManagedBy":"terraform"}},"after_unknown":{"arn":true,"id":true,"name_prefix":true,"tags_all":{}},"before_sensitive":false,"after_sensitive":{"tags_all":{}}}},{"address":"aws_cloudwatch_event_target.lambda","mode":"managed","type":"aws_cloudwatch_event_target","name":"lambda","provider_name":"registry.terraform.io/hashicorp/aws","change":{"actions":["create"],"before":null,"after":{"appsync_target":[],"batch_target":[],"dead_letter_config":[],"ecs_target":[],"event_bus_name":"default","force_destroy":false,"http_target":[],"input":null,"input_path":null,"input_transformer":[],"kinesis_target":[],"redshift_target":[],"retry_policy":[],"role_arn":null,"rule":"home-automation-schedule","run_command_targets":[],"sagemaker_pipeline_target":[],"sqs_target":[],"target_id":"lambda"},"after_unknown":{"appsync_target":[],"arn":true,"batch_target":[],"dead_letter_config":[],"ecs_target":[],"http_target":[],"id":true,"input_transformer":[],"kinesis_target":[],"redshift_target":[],"retry_policy":[],"run_command_targets":[],"sagemaker_pipeline_target":[],"sqs_target":[]},"before_sensitive":false,"after_sensitive":{"appsync_target":[],"batch_target":[],"dead_letter_config":[],"ecs_target":[],"http_target":[],"input_transformer":[],"kinesis_target":[],"redshift_target":[],"retry_policy":[],"run_command_targets":[],"sagemaker_pipeline_target":[],"sqs_target":[]}}},{"address":"aws_cloudwatch_log_group.lambda","mode":"managed","type":"aws_cloudwatch_log_group","name":"lambda","provider_name":"registry.terraform.io/hashicorp/aws","change":{"actions":["create"],"before":null,"after":{"kms_key_id":null,"name":"/aws/lambda/home-automation","retention_in_days":14,"skip_destroy":false,"tags":null,"tags_all":{"Application":"home-automation","ManagedBy":"terraform"}},"after_unknown":{"arn":true,"id":true,"log_group_class":true,"name_prefix":true,"tags_all":{}},"before_sensitive":false,"after_sensitive":{"tags_all":{}}}},{"address":"aws_ecr_repository.app","mode":"managed","type":"aws_ecr_repository","name":"app","provider_name":"registry.terraform.io/hashicorp/aws","change":{"actions":["create"],"before":null,"after":{"encryption_configuration":[],"force_delete":null,"image_scanning_configuration":[{"scan_on_push":true}],"image_tag_mutability":"MUTABLE","name":"home-automation","tags":null,"tags_all":{"Application":"home-automation","ManagedBy":"terraform"},"timeouts":null},"after_unknown":{"arn":true,"encryption_configuration":[],"id":true,"image_scanning_configuration":[{}],"registry_id":true,"repository_url":true,"tags_all":{}},"before_sensitive":false,"after_sensitive":{"encryption_configuration":[],"image_scanning_configuration":[{}],"tags_all":{}}}},{"address":"aws_iam_role.lambda","mode":"managed","type":"aws_iam_role","name":"lambda","provider_name":"registry.terraform.io/hashicorp/aws","change":{"actions":["create"],"before":null,"after":{"assume_role_policy":"{\"Statement\":[{\"Action\":\"sts:AssumeRole\",\"Effect\":\"Allow\",\"Principal\":{\"Service\":\"lambda.amazonaws.com\"}}],\"Version\":\"2012-10-17\"}","description":null,"force_detach_policies":false,"max_session_duration":3600,"name":"home-automation-lambda-role","path":"/","permissions_boundary":null,"tags":null,"tags_all":{"Application":"home-automation","ManagedBy":"terraform"}},"after_unknown":{"arn":true,"create_date":true,"id":true,"inline_policy":true,"managed_policy_arns":true,"name_prefix":true,"tags_all":{},"unique_id":true},"before_sensitive":false,"after_sensitive":{"inline_policy":[],"managed_policy_arns":[],"tags_all":{}}}},{"address":"aws_iam_role_policy_attachment.lambda_basic","mode":"managed","type":"aws_iam_role_policy_attachment","name":"lambda_basic","provider_name":"registry.terraform.io/hashicorp/aws","change":{"actions":["create"],"before":null,"after":{"policy_arn":"arn:aws:iam::aws:policy/service-role/AWSLambdaBasicExecutionRole","role":"home-automation-lambda-role"},"after_unknown":{"id":true},"before_sensitive":false,"after_sensitive":{}}},{"address":"aws_lambda_function.app","mode":"managed","type":"aws_lambda_function","name":"app","provider_name":"registry.terraform.io/hashicorp/aws","change":{"actions":["create"],"before":null,"after":{"code_signing_config_arn":null,"dead_letter_config":[],"description":null,"environment":[{"variables":{"INFLUXDB_BUCKET":"","INFLUXDB_ORG":"","INFLUXDB_TOKEN":"","INFLUXDB_URL":"","TUYA_APIKEY":"","TUYA_APISECRET":"","TUYA_APISREGION":""}}],"file_system_config":[],"filename":null,"function_name":"home-automation","handler":null,"image_config":[],"kms_key_arn":null,"layers":null,"memory_size":256,"package_type":"Image","publish":false,"replace_security_groups_on_destroy":null,"replacement_security_group_ids":null,"reserved_concurrent_executions":-1,"runtime":null,"s3_bucket":null,"s3_key":null,"s3_object_version":null,"skip_destroy":false,"snap_start":[],"tags":null,"tags_all":{"Application":"home-automation","ManagedBy":"terraform"},"timeout":60,"timeouts":null,"vpc_config":[]},"after_unknown":{"architectures":true,"arn":true,"code_sha256":true,"dead_letter_config":[],"environment":[{"variables":{}}],"ephemeral_storage":true,"file_system_config":[],"id":true,"image_config":[],"image_uri":true,"invoke_arn":true,"last_modified":true,"logging_config":true,"qualified_arn":true,"qualified_invoke_arn":true,"role":true,"signing_job_arn":true,"signing_profile_version_arn":true,"snap_start":[],"source_code_hash":true,"source_code_size":true,"tags_all":{},"tracing_config":true,"version":true,"vpc_config":[]},"before_sensitive":false,"after_sensitive":{"architectures":[],"dead_letter_config":[],"environment":[{"variables":{"INFLUXDB_TOKEN":true,"INFLUXDB_URL":true,"TUYA_APIKEY":true,"TUYA_APISECRET":true}}],"ephemeral_storage":[],"file_system_config":[],"image_config":[],"logging_config":[],"snap_start":[],"tags_all":{},"tracing_config":[],"vpc_config":[]}}},{"address":"aws_lambda_permission.allow_events","mode":"managed","type":"aws_lambda_permission","name":"allow_events","provider_name":"registry.terraform.io/hashicorp/aws","change":{"actions":["create"],"before":null,"after":{"action":"lambda:InvokeFunction","event_source_token":null,"function_name":"home-automation","function_url_auth_type":null,"principal":"events.amazonaws.com","principal_org_id":null,"qualifier":null,"source_account":null,"statement_id":"AllowExecutionFromEventBridge"},"after_unknown":{"id":true,"source_arn":true,"statement_id_prefix":true},"before_sensitive":false,"after_sensitive":{}}}],"output_changes":{"ecr_repository_url":{"actions":["create"],"before":null,"after_unknown":true,"before_sensitive":false,"after_sensitive":false},"event_rule_name":{"actions":["create"],"before":null,"after":"home-automation-schedule","after_unknown":false,"before_sensitive":false,"after_sensitive":false},"lambda_function_name":{"actions":["create"],"before":null,"after":"home-automation","after_unknown":false,"before_sensitive":false,"after_sensitive":false}},"prior_state":{"format_version":"1.0","terraform_version":"1.13.5","values":{"outputs":{"event_rule_name":{"sensitive":false,"value":"home-automation-schedule","type":"string"},"lambda_function_name":{"sensitive":false,"value":"home-automation","type":"string"}},"root_module":{"resources":[{"address":"data.archive_file.lambda_dummy","mode":"data","type":"archive_file","name":"lambda_dummy","provider_name":"registry.terraform.io/hashicorp/archive","schema_version":0,"values":{"exclude_symlink_directories":null,"excludes":null,"id":"58e93fade67637870be5af38eff8d5aa66c7da49","output_base64sha256":"wmbalFzzY/wG3ivChKElOZB3+B4gptmQyIat05p+fU4=","output_base64sha512":"BQYAg1LwEY4tDmry1VoRx6StX0vjH+7LpfB5KAZLVvfJQjioPbBv1QxI6QF6P2U614fU3h9XKBCb9z5Y1ornqA==","output_file_mode":null,"output_md5":"a0dbd832a6a977d6d5b28ea5c85e30fb","output_path":"./.dummy/lambda.zip","output_sha":"58e93fade67637870be5af38eff8d5aa66c7da49","output_sha256":"c266da945cf363fc06de2bc284a125399077f81e20a6d990c886add39a7e7d4e","output_sha512":"0506008352f0118e2d0e6af2d55a11c7a4ad5f4be31feecba5f07928064b56f7c94238a83db06fd50c48e9017a3f653ad787d4de1f5728109bf73e58d68ae7a8","output_size":246,"source":[{"content":"exports.handler = async (event) =\u003e {\n  console.log(\"Dummy lambda invoked\");\n  return { statusCode: 200, body: \"dummy\" };\n};\n","filename":"index.js"}],"source_content":null,"source_content_filename":null,"source_dir":null,"source_file":null,"type":"zip"},"sensitive_values":{"source":[{}]}}]}}},"configuration":{"provider_config":{"archive":{"name":"archive","full_name":"registry.terraform.io/hashicorp/archive"},"aws":{"name":"aws","full_name":"registry.terraform.io/hashicorp/aws","version_constraint":"~\u003e 5.0","expressions":{"default_tags":[{"tags":{"references":["var.app_name"]}}],"region":{"references":["var.aws_region"]}}}},"root_module":{"outputs":{"ecr_repository_url":{"expression":{"references":["aws_ecr_repository.app.repository_url","aws_ecr_repository.app"]},"description":"ECR repository URL to push the Lambda container image to."},"event_rule_name":{"expression":{"references":["aws_cloudwatch_event_rule.schedule.name","aws_cloudwatch_event_rule.schedule"]},"description":"EventBridge rule that triggers the Lambda."},"lambda_function_name":{"expression":{"references":["aws_lambda_function.app.function_name","aws_lambda_function.app"]},"description":"Deployed Lambda function name."}},"resources":[{"address":"aws_cloudwatch_event_rule.schedule","mode":"managed","type":"aws_cloudwatch_event_rule","name":"schedule","provider_config_key":"aws","expressions":{"description":{"references":["local.name_prefix"]},"name":{"references":["local.name_prefix"]},"schedule_expression":{"references":["var.schedule_expression"]}},"schema_version":1},{"address":"aws_cloudwatch_event_target.lambda","mode":"managed","type":"aws_cloudwatch_event_target","name":"lambda","provider_config_key":"aws","expressions":{"arn":{"references":["aws_lambda_function.app.arn","aws_lambda_function.app"]},"rule":{"references":["aws_cloudwatch_event_rule.schedule.name","aws_cloudwatch_event_rule.schedule"]},"target_id":{"constant_value":"lambda"}},"schema_version":1},{"address":"aws_cloudwatch_log_group.lambda","mode":"managed","type":"aws_cloudwatch_log_group","name":"lambda","provider_config_key":"aws","expressions":{"name":{"references":["local.name_prefix"]},"retention_in_days":{"constant_value":14}},"schema_version":0},{"address":"aws_ecr_repository.app","mode":"managed","type":"aws_ecr_repository","name":"app","provider_config_key":"aws","expressions":{"image_scanning_configuration":[{"scan_on_push":{"constant_value":true}}],"image_tag_mutability":{"constant_value":"MUTABLE"},"name":{"references":["local.name_prefix"]}},"schema_version":0},{"address":"aws_iam_role.lambda","mode":"managed","type":"aws_iam_role","name":"lambda","provider_config_key":"aws","expressions":{"assume_role_policy":{},"name":{"references":["local.name_prefix"]}},"schema_version":0},{"address":"aws_iam_role_policy_attachment.lambda_basic","mode":"managed","type":"aws_iam_role_policy_attachment","name":"lambda_basic","provider_config_key":"aws","expressions":{"policy_arn":{"constant_value":"arn:aws:iam::aws:policy/service-role/AWSLambdaBasicExecutionRole"},"role":{"references":["aws_iam_role.lambda.name","aws_iam_role.lambda"]}},"schema_version":0},{"address":"aws_lambda_function.app","mode":"managed","type":"aws_lambda_function","name":"app","provider_config_key":"aws","expressions":{"environment":[{"variables":{"references":["var.influxdb_url","var.influxdb_token","var.influxdb_org","var.influxdb_bucket","var.tuya_apikey","var.tuya_apisecret","var.tuya_apisregion"]}}],"function_name":{"references":["local.name_prefix"]},"image_uri":{"references":["aws_ecr_repository.app.repository_url","aws_ecr_repository.app","var.lambda_image_tag"]},"memory_size":{"constant_value":256},"package_type":{"constant_value":"Image"},"role":{"references":["aws_iam_role.lambda.arn","aws_iam_role.lambda"]},"timeout":{"constant_value":60}},"schema_version":0,"depends_on":["aws_cloudwatch_log_group.lambda"]},{"address":"aws_lambda_permission.allow_events","mode":"managed","type":"aws_lambda_permission","name":"allow_events","provider_config_key":"aws","expressions":{"action":{"constant_value":"lambda:InvokeFunction"},"function_name":{"references":["aws_lambda_function.app.function_name","aws_lambda_function.app"]},"principal":{"constant_value":"events.amazonaws.com"},"source_arn":{"references":["aws_cloudwatch_event_rule.schedule.arn","aws_cloudwatch_event_rule.schedule"]},"statement_id":{"constant_value":"AllowExecutionFromEventBridge"}},"schema_version":0},{"address":"data.archive_file.lambda_dummy","mode":"data","type":"archive_file","name":"lambda_dummy","provider_config_key":"archive","expressions":{"output_path":{"references":["local.lambda_dummy_zip"]},"source":[{"content":{"constant_value":"exports.handler = async (event) =\u003e {\n  console.log(\"Dummy lambda invoked\");\n  return { statusCode: 200, body: \"dummy\" };\n};\n"},"filename":{"constant_value":"index.js"}}],"type":{"constant_value":"zip"}},"schema_version":0}],"variables":{"app_name":{"default":"home-automation","description":"Application name used for resource naming/tagging."},"aws_region":{"default":"us-east-1","description":"AWS region to deploy into."},"influxdb_bucket":{"default":"","description":"InfluxDB bucket."},"influxdb_org":{"default":"","description":"InfluxDB organization."},"influxdb_token":{"default":"","description":"InfluxDB token.","sensitive":true},"influxdb_url":{"default":"","description":"InfluxDB URL reachable from Lambda (e.g., https://example.com:8086).","sensitive":true},"lambda_image_tag":{"default":"latest","description":"ECR image tag for the Lambda container image."},"schedule_expression":{"default":"rate(5 minutes)","description":"EventBridge schedule expression to trigger the Lambda."},"tuya_apikey":{"default":"","description":"Tuya Cloud API key.","sensitive":true},"tuya_apisecret":{"default":"","description":"Tuya Cloud API secret.","sensitive":true},"tuya_apisregion":{"default":"","description":"Tuya Cloud API region (e.g., eu, us, cn)."}}}},"relevant_attributes":[{"resource":"aws_cloudwatch_event_rule.schedule","attribute":["arn"]},{"resource":"aws_lambda_function.app","attribute":["function_name"]},{"resource":"aws_cloudwatch_event_rule.schedule","attribute":["name"]},{"resource":"aws_lambda_function.app","attribute":["arn"]},{"resource":"aws_ecr_repository.app","attribute":["repository_url"]},{"resource":"aws_iam_role.lambda","attribute":["name"]},{"resource":"aws_iam_role.lambda","attribute":["arn"]}],"timestamp":"2026-01-25T23:20:39Z","applyable":true,"complete":true,"errored":false}
