data.aws_ami.amazon_linux_2023: Reading...
data.aws_vpc.default: Reading...
data.aws_vpc.default: Read complete after 2s [id=vpc-b17c5f997a8b31dfc]
data.aws_subnets.default: Reading...
data.aws_subnets.default: Read complete after 0s [id=us-east-1]
data.aws_ami.amazon_linux_2023: Read complete after 6s [id=ami-07c1fa5792ef8fe27]

Terraform used the selected providers to generate the following execution
plan. Resource actions are indicated with the following symbols:
  + create

Terraform will perform the following actions:

  # aws_instance.web will be created
  + resource "aws_instance" "web" {
      + ami                                  = "ami-07c1fa5792ef8fe27"
      + arn                                  = (known after apply)
      + associate_public_ip_address          = true
      + availability_zone                    = (known after apply)
      + disable_api_stop                     = (known after apply)
      + disable_api_termination              = (known after apply)
      + ebs_optimized                        = (known after apply)
      + enable_primary_ipv6                  = (known after apply)
      + force_destroy                        = false
      + get_password_data                    = false
      + host_id                              = (known after apply)
      + host_resource_group_arn              = (known after apply)
      + iam_instance_profile                 = (known after apply)
      + id                                   = (known after apply)
      + instance_initiated_shutdown_behavior = (known after apply)
      + instance_lifecycle                   = (known after apply)
      + instance_state                       = (known after apply)
      + instance_type                        = "t3.micro"
      + ipv6_address_count                   = (known after apply)
      + ipv6_addresses                       = (known after apply)
      + key_name                             = (known after apply)
      + monitoring                           = (known after apply)
      + outpost_arn                          = (known after apply)
      + password_data                        = (known after apply)
      + placement_group                      = (known after apply)
      + placement_group_id                   = (known after apply)
      + placement_partition_number           = (known after apply)
      + primary_network_interface_id         = (known after apply)
      + private_dns                          = (known after apply)
      + private_ip                           = (known after apply)
      + public_dns                           = (known after apply)
      + public_ip                            = (known after apply)
      + region                               = "us-east-1"
      + secondary_private_ips                = (known after apply)
      + security_groups                      = (known after apply)
      + source_dest_check                    = true
      + spot_instance_request_id             = (known after apply)
      + subnet_id                            = "subnet-633ce94113997b6bb"
      + tags                                 = {
          + "Name" = "portfolio-website-ec2"
        }
      + tags_all                             = {
          + "ManagedBy" = "terraform"
          + "Name"      = "portfolio-website-ec2"
          + "Project"   = "portfolio-website"
        }
      + tenancy                              = (known after apply)
      + user_data                            = <<-EOT
            #!/bin/bash
            set -euxo pipefail
            
            dnf -y update
            dnf -y install docker
            systemctl enable --now docker
            usermod -aG docker ec2-user || true
            
            docker rm -f portfolio-website || true
            docker pull nginx:latest
            docker run -d --restart unless-stopped --name portfolio-website \
              -p 80:80 -p 443:443 \
              nginx:latest
        EOT
      + user_data_base64                     = (known after apply)
      + user_data_replace_on_change          = false
      + vpc_security_group_ids               = (known after apply)

      + capacity_reservation_specification (known after apply)

      + cpu_options (known after apply)

      + ebs_block_device (known after apply)

      + enclave_options (known after apply)

      + ephemeral_block_device (known after apply)

      + instance_market_options (known after apply)

      + maintenance_options (known after apply)

      + metadata_options (known after apply)

      + network_interface (known after apply)

      + primary_network_interface (known after apply)

      + private_dns_name_options (known after apply)

      + root_block_device (known after apply)
    }

  # aws_security_group.web will be created
  + resource "aws_security_group" "web" {
      + arn                    = (known after apply)
      + description            = "Allow HTTP/HTTPS and optional SSH"
      + egress                 = [
          + {
              + cidr_blocks      = [
                  + "0.0.0.0/0",
                ]
              + from_port        = 0
              + ipv6_cidr_blocks = []
              + prefix_list_ids  = []
              + protocol         = "-1"
              + security_groups  = []
              + self             = false
              + to_port          = 0
                # (1 unchanged attribute hidden)
            },
        ]
      + id                     = (known after apply)
      + ingress                = [
          + {
              + cidr_blocks      = [
                  + "0.0.0.0/0",
                ]
              + description      = "HTTP"
              + from_port        = 80
              + ipv6_cidr_blocks = []
              + prefix_list_ids  = []
              + protocol         = "tcp"
              + security_groups  = []
              + self             = false
              + to_port          = 80
            },
          + {
              + cidr_blocks      = [
                  + "0.0.0.0/0",
                ]
              + description      = "HTTPS"
              + from_port        = 443
              + ipv6_cidr_blocks = []
              + prefix_list_ids  = []
              + protocol         = "tcp"
              + security_groups  = []
              + self             = false
              + to_port          = 443
            },
          + {
              + cidr_blocks      = [
                  + "0.0.0.0/0",
                ]
              + description      = "SSH"
              + from_port        = 22
              + ipv6_cidr_blocks = []
              + prefix_list_ids  = []
              + protocol         = "tcp"
              + security_groups  = []
              + self             = false
              + to_port          = 22
            },
        ]
      + name                   = (known after apply)
      + name_prefix            = "portfolio-website-web-"
      + owner_id               = (known after apply)
      + region                 = "us-east-1"
      + revoke_rules_on_delete = false
      + tags_all               = {
          + "ManagedBy" = "terraform"
          + "Project"   = "portfolio-website"
        }
      + vpc_id                 = "vpc-b17c5f997a8b31dfc"
    }

Plan: 2 to add, 0 to change, 0 to destroy.

Changes to Outputs:
  + instance_id = (known after apply)
  + public_dns  = (known after apply)
  + public_ip   = (known after apply)
