{"format_version":"1.2","terraform_version":"1.13.5","variables":{"app_name":{"value":"localstack-project"},"aws_access_key":{"value":"test"},"aws_endpoint":{"value":"http://localhost:4566"},"aws_region":{"value":"eu-central-1"},"aws_secret_key":{"value":"test"}},"planned_values":{"outputs":{"dynamodb_table_name":{"sensitive":false,"type":"string","value":"localstack-project-table"},"s3_bucket_name":{"sensitive":false,"type":"string","value":"localstack-project-artifacts"}},"root_module":{"resources":[{"address":"aws_dynamodb_table.app","mode":"managed","type":"aws_dynamodb_table","name":"app","provider_name":"registry.terraform.io/hashicorp/aws","schema_version":1,"values":{"attribute":[{"name":"pk","type":"S"}],"billing_mode":"PAY_PER_REQUEST","deletion_protection_enabled":null,"global_secondary_index":[],"hash_key":"pk","import_table":[],"local_secondary_index":[],"name":"localstack-project-table","on_demand_throughput":[],"range_key":null,"replica":[],"restore_date_time":null,"restore_source_name":null,"restore_source_table_arn":null,"restore_to_latest_time":null,"stream_enabled":null,"table_class":null,"tags":null,"tags_all":{"Managed":"terraform","Project":"localstack-project"},"timeouts":null},"sensitive_values":{"attribute":[{}],"global_secondary_index":[],"import_table":[],"local_secondary_index":[],"on_demand_throughput":[],"point_in_time_recovery":[],"replica":[],"server_side_encryption":[],"tags_all":{},"ttl":[]}},{"address":"aws_s3_bucket.artifacts","mode":"managed","type":"aws_s3_bucket","name":"artifacts","provider_name":"registry.terraform.io/hashicorp/aws","schema_version":0,"values":{"bucket":"localstack-project-artifacts","force_destroy":true,"tags":null,"tags_all":{"Managed":"terraform","Project":"localstack-project"},"timeouts":null},"sensitive_values":{"cors_rule":[],"grant":[],"lifecycle_rule":[],"logging":[],"object_lock_configuration":[],"replication_configuration":[],"server_side_encryption_configuration":[],"tags_all":{},"versioning":[],"website":[]}},{"address":"aws_s3_bucket_versioning.artifacts","mode":"managed","type":"aws_s3_bucket_versioning","name":"artifacts","provider_name":"registry.terraform.io/hashicorp/aws","schema_version":0,"values":{"expected_bucket_owner":null,"mfa":null,"versioning_configuration":[{"status":"Enabled"}]},"sensitive_values":{"versioning_configuration":[{}]}}]}},"resource_changes":[{"address":"aws_dynamodb_table.app","mode":"managed","type":"aws_dynamodb_table","name":"app","provider_name":"registry.terraform.io/hashicorp/aws","change":{"actions":["create"],"before":null,"after":{"attribute":[{"name":"pk","type":"S"}],"billing_mode":"PAY_PER_REQUEST","deletion_protection_enabled":null,"global_secondary_index":[],"hash_key":"pk","import_table":[],"local_secondary_index":[],"name":"localstack-project-table","on_demand_throughput":[],"range_key":null,"replica":[],"restore_date_time":null,"restore_source_name":null,"restore_source_table_arn":null,"restore_to_latest_time":null,"stream_enabled":null,"table_class":null,"tags":null,"tags_all":{"Managed":"terraform","Project":"localstack-project"},"timeouts":null},"after_unknown":{"arn":true,"attribute":[{}],"global_secondary_index":[],"id":true,"import_table":[],"local_secondary_index":[],"on_demand_throughput":[],"point_in_time_recovery":true,"read_capacity":true,"replica":[],"server_side_encryption":true,"stream_arn":true,"stream_label":true,"stream_view_type":true,"tags_all":{},"ttl":true,"write_capacity":true},"before_sensitive":false,"after_sensitive":{"attribute":[{}],"global_secondary_index":[],"import_table":[],"local_secondary_index":[],"on_demand_throughput":[],"point_in_time_recovery":[],"replica":[],"server_side_encryption":[],"tags_all":{},"ttl":[]}}},{"address":"aws_s3_bucket.artifacts","mode":"managed","type":"aws_s3_bucket","name":"artifacts","provider_name":"registry.terraform.io/hashicorp/aws","change":{"actions":["create"],"before":null,"after":{"bucket":"localstack-project-artifacts","force_destroy":true,"tags":null,"tags_all":{"Managed":"terraform","Project":"localstack-project"},"timeouts":null},"after_unknown":{"acceleration_status":true,"acl":true,"arn":true,"bucket_domain_name":true,"bucket_prefix":true,"bucket_regional_domain_name":true,"cors_rule":true,"grant":true,"hosted_zone_id":true,"id":true,"lifecycle_rule":true,"logging":true,"object_lock_configuration":true,"object_lock_enabled":true,"policy":true,"region":true,"replication_configuration":true,"request_payer":true,"server_side_encryption_configuration":true,"tags_all":{},"versioning":true,"website":true,"website_domain":true,"website_endpoint":true},"before_sensitive":false,"after_sensitive":{"cors_rule":[],"grant":[],"lifecycle_rule":[],"logging":[],"object_lock_configuration":[],"replication_configuration":[],"server_side_encryption_configuration":[],"tags_all":{},"versioning":[],"website":[]}}},{"address":"aws_s3_bucket_versioning.artifacts","mode":"managed","type":"aws_s3_bucket_versioning","name":"artifacts","provider_name":"registry.terraform.io/hashicorp/aws","change":{"actions":["create"],"before":null,"after":{"expected_bucket_owner":null,"mfa":null,"versioning_configuration":[{"status":"Enabled"}]},"after_unknown":{"bucket":true,"id":true,"versioning_configuration":[{"mfa_delete":true}]},"before_sensitive":false,"after_sensitive":{"versioning_configuration":[{}]}}}],"output_changes":{"dynamodb_table_name":{"actions":["create"],"before":null,"after":"localstack-project-table","after_unknown":false,"before_sensitive":false,"after_sensitive":false},"s3_bucket_name":{"actions":["create"],"before":null,"after":"localstack-project-artifacts","after_unknown":false,"before_sensitive":false,"after_sensitive":false}},"prior_state":{"format_version":"1.0","terraform_version":"1.13.5","values":{"outputs":{"dynamodb_table_name":{"sensitive":false,"value":"localstack-project-table","type":"string"},"s3_bucket_name":{"sensitive":false,"value":"localstack-project-artifacts","type":"string"}},"root_module":{}}},"configuration":{"provider_config":{"aws":{"name":"aws","full_name":"registry.terraform.io/hashicorp/aws","version_constraint":"~\u003e 5.0","expressions":{"access_key":{"references":["var.aws_access_key"]},"default_tags":[{"tags":{"references":["var.app_name"]}}],"endpoints":[{"apigateway":{"references":["var.aws_endpoint"]},"cloudwatch":{"references":["var.aws_endpoint"]},"dynamodb":{"references":["var.aws_endpoint"]},"ec2":{"references":["var.aws_endpoint"]},"ecr":{"references":["var.aws_endpoint"]},"ecs":{"references":["var.aws_endpoint"]},"elasticloadbalancing":{"references":["var.aws_endpoint"]},"iam":{"references":["var.aws_endpoint"]},"logs":{"references":["var.aws_endpoint"]},"s3":{"references":["var.aws_endpoint"]},"ssm":{"references":["var.aws_endpoint"]},"sts":{"references":["var.aws_endpoint"]}}],"region":{"references":["var.aws_region"]},"secret_key":{"references":["var.aws_secret_key"]},"skip_credentials_validation":{"constant_value":true},"skip_metadata_api_check":{"constant_value":true},"skip_requesting_account_id":{"constant_value":true}}}},"root_module":{"outputs":{"dynamodb_table_name":{"expression":{"references":["aws_dynamodb_table.app.name","aws_dynamodb_table.app"]},"description":"DynamoDB table name."},"s3_bucket_name":{"expression":{"references":["aws_s3_bucket.artifacts.bucket","aws_s3_bucket.artifacts"]},"description":"Artifact bucket name."}},"resources":[{"address":"aws_dynamodb_table.app","mode":"managed","type":"aws_dynamodb_table","name":"app","provider_config_key":"aws","expressions":{"attribute":[{"name":{"constant_value":"pk"},"type":{"constant_value":"S"}}],"billing_mode":{"constant_value":"PAY_PER_REQUEST"},"hash_key":{"constant_value":"pk"},"name":{"references":["var.app_name"]}},"schema_version":1},{"address":"aws_s3_bucket.artifacts","mode":"managed","type":"aws_s3_bucket","name":"artifacts","provider_config_key":"aws","expressions":{"bucket":{"references":["local.bucket_name"]},"force_destroy":{"constant_value":true}},"schema_version":0},{"address":"aws_s3_bucket_versioning.artifacts","mode":"managed","type":"aws_s3_bucket_versioning","name":"artifacts","provider_config_key":"aws","expressions":{"bucket":{"references":["aws_s3_bucket.artifacts.id","aws_s3_bucket.artifacts"]},"versioning_configuration":[{"status":{"constant_value":"Enabled"}}]},"schema_version":0}],"variables":{"app_name":{"default":"localstack-project","description":"Name prefix for created resources."},"aws_access_key":{"default":"test","description":"Access key (LocalStack default can be any value)."},"aws_endpoint":{"default":"http://localhost:4566","description":"LocalStack edge endpoint (e.g., http://localhost:4566). Set to null to use real AWS."},"aws_region":{"default":"eu-central-1","description":"AWS region (also used by LocalStack)."},"aws_secret_key":{"default":"test","description":"Secret key (LocalStack default can be any value)."}}}},"relevant_attributes":[{"resource":"aws_dynamodb_table.app","attribute":["name"]},{"resource":"aws_s3_bucket.artifacts","attribute":["id"]},{"resource":"aws_s3_bucket.artifacts","attribute":["bucket"]}],"timestamp":"2026-01-25T18:29:22Z","applyable":true,"complete":true,"errored":false}
