data.archive_file.lambda_dummy: Reading...
data.archive_file.lambda_dummy: Read complete after 0s [id=58e93fade67637870be5af38eff8d5aa66c7da49]
data.aws_iam_policy_document.lambda_assume_role: Reading...
data.aws_iam_policy_document.lambda_assume_role: Read complete after 0s [id=2690255455]

Terraform used the selected providers to generate the following execution
plan. Resource actions are indicated with the following symbols:
  + create
 <= read (data resources)

Terraform will perform the following actions:

  # data.aws_iam_policy_document.lambda_policy will be read during apply
  # (config refers to values not yet known)
 <= data "aws_iam_policy_document" "lambda_policy" {
      + id            = (known after apply)
      + json          = (known after apply)
      + minified_json = (known after apply)

      + statement {
          + actions   = [
              + "dynamodb:GetItem",
              + "dynamodb:PutItem",
              + "dynamodb:Query",
              + "dynamodb:Scan",
              + "dynamodb:UpdateItem",
            ]
          + resources = [
              + (known after apply),
            ]
        }
      + statement {
          + actions   = [
              + "sns:Publish",
            ]
          + resources = [
              + (known after apply),
            ]
        }
      + statement {
          + actions   = [
              + "ssm:GetParameter",
              + "ssm:GetParameters",
            ]
          + resources = [
              + (known after apply),
            ]
        }
      + statement {
          + actions   = [
              + "logs:CreateLogGroup",
              + "logs:CreateLogStream",
              + "logs:PutLogEvents",
            ]
          + resources = [
              + "arn:aws:logs:*:*:*",
            ]
        }
    }

  # aws_cloudwatch_event_rule.schedule will be created
  + resource "aws_cloudwatch_event_rule" "schedule" {
      + arn                 = (known after apply)
      + event_bus_name      = "default"
      + force_destroy       = false
      + id                  = (known after apply)
      + name                = "cann_schedule"
      + name_prefix         = (known after apply)
      + region              = "eu-west-1"
      + schedule_expression = "cron(*/1 6-20 ? * 2-6 *)"
      + tags_all            = (known after apply)
    }

  # aws_cloudwatch_event_target.lambda will be created
  + resource "aws_cloudwatch_event_target" "lambda" {
      + arn            = (known after apply)
      + event_bus_name = "default"
      + force_destroy  = false
      + id             = (known after apply)
      + region         = "eu-west-1"
      + rule           = "cann_schedule"
      + target_id      = "lambda"
    }

  # aws_cloudwatch_log_group.lambda will be created
  + resource "aws_cloudwatch_log_group" "lambda" {
      + arn                         = (known after apply)
      + deletion_protection_enabled = (known after apply)
      + id                          = (known after apply)
      + log_group_class             = (known after apply)
      + name                        = "/aws/lambda/cann"
      + name_prefix                 = (known after apply)
      + region                      = "eu-west-1"
      + retention_in_days           = 14
      + skip_destroy                = false
      + tags_all                    = (known after apply)
    }

  # aws_dynamodb_table.announcements will be created
  + resource "aws_dynamodb_table" "announcements" {
      + arn              = (known after apply)
      + billing_mode     = "PAY_PER_REQUEST"
      + hash_key         = "AnnouncementID"
      + id               = (known after apply)
      + name             = "cann_announcements"
      + read_capacity    = (known after apply)
      + region           = "eu-west-1"
      + stream_arn       = (known after apply)
      + stream_label     = (known after apply)
      + stream_view_type = (known after apply)
      + tags             = {
          + "Project" = "cann"
        }
      + tags_all         = {
          + "Project" = "cann"
        }
      + write_capacity   = (known after apply)

      + attribute {
          + name = "AnnouncementID"
          + type = "S"
        }

      + global_secondary_index (known after apply)

      + global_table_witness (known after apply)

      + point_in_time_recovery (known after apply)

      + server_side_encryption (known after apply)

      + ttl (known after apply)

      + warm_throughput (known after apply)
    }

  # aws_iam_role.lambda_exec will be created
  + resource "aws_iam_role" "lambda_exec" {
      + arn                   = (known after apply)
      + assume_role_policy    = jsonencode(
            {
              + Statement = [
                  + {
                      + Action    = "sts:AssumeRole"
                      + Effect    = "Allow"
                      + Principal = {
                          + Service = "lambda.amazonaws.com"
                        }
                    },
                ]
              + Version   = "2012-10-17"
            }
        )
      + create_date           = (known after apply)
      + force_detach_policies = false
      + id                    = (known after apply)
      + managed_policy_arns   = (known after apply)
      + max_session_duration  = 3600
      + name                  = "cann_lambda_exec"
      + name_prefix           = (known after apply)
      + path                  = "/"
      + tags_all              = (known after apply)
      + unique_id             = (known after apply)

      + inline_policy (known after apply)
    }

  # aws_iam_role_policy.lambda_policy will be created
  + resource "aws_iam_role_policy" "lambda_policy" {
      + id          = (known after apply)
      + name        = "cann_lambda_policy"
      + name_prefix = (known after apply)
      + policy      = (known after apply)
      + role        = (known after apply)
    }

  # aws_lambda_event_source_mapping.dynamodb_to_send_notification will be created
  + resource "aws_lambda_event_source_mapping" "dynamodb_to_send_notification" {
      + arn                           = (known after apply)
      + enabled                       = true
      + event_source_arn              = (known after apply)
      + function_arn                  = (known after apply)
      + function_name                 = (known after apply)
      + id                            = (known after apply)
      + last_modified                 = (known after apply)
      + last_processing_result        = (known after apply)
      + maximum_record_age_in_seconds = (known after apply)
      + maximum_retry_attempts        = (known after apply)
      + parallelization_factor        = (known after apply)
      + region                        = "eu-west-1"
      + starting_position             = "LATEST"
      + state                         = (known after apply)
      + state_transition_reason       = (known after apply)
      + tags_all                      = (known after apply)
      + uuid                          = (known after apply)

      + amazon_managed_kafka_event_source_config (known after apply)

      + self_managed_kafka_event_source_config (known after apply)
    }

  # aws_lambda_function.check_announcement will be created
  + resource "aws_lambda_function" "check_announcement" {
      + architectures                  = (known after apply)
      + arn                            = (known after apply)
      + code_sha256                    = (known after apply)
      + function_name                  = "cann_check_announcement"
      + handler                        = "main"
      + id                             = (known after apply)
      + invoke_arn                     = (known after apply)
      + last_modified                  = (known after apply)
      + memory_size                    = 128
      + package_type                   = "Zip"
      + publish                        = false
      + qualified_arn                  = (known after apply)
      + qualified_invoke_arn           = (known after apply)
      + region                         = "eu-west-1"
      + reserved_concurrent_executions = -1
      + response_streaming_invoke_arn  = (known after apply)
      + role                           = (known after apply)
      + runtime                        = "go1.x"
      + s3_bucket                      = "your-lambda-artifacts-bucket"
      + s3_key                         = "check_announcement.zip"
      + signing_job_arn                = (known after apply)
      + signing_profile_version_arn    = (known after apply)
      + skip_destroy                   = false
      + source_code_hash               = (known after apply)
      + source_code_size               = (known after apply)
      + tags_all                       = (known after apply)
      + timeout                        = 3
      + version                        = (known after apply)

      + environment {
          + variables = {
              + "BASE_URL"       = "ai-tf"
              + "DATE_FORMAT"    = "02-01-06"
              + "DYNAMODB_TABLE" = "cann_announcements"
            }
        }

      + ephemeral_storage (known after apply)

      + logging_config (known after apply)

      + tracing_config (known after apply)
    }

  # aws_lambda_function.send_notification will be created
  + resource "aws_lambda_function" "send_notification" {
      + architectures                  = (known after apply)
      + arn                            = (known after apply)
      + code_sha256                    = (known after apply)
      + function_name                  = "cann_send_notification"
      + handler                        = "main"
      + id                             = (known after apply)
      + invoke_arn                     = (known after apply)
      + last_modified                  = (known after apply)
      + memory_size                    = 128
      + package_type                   = "Zip"
      + publish                        = false
      + qualified_arn                  = (known after apply)
      + qualified_invoke_arn           = (known after apply)
      + region                         = "eu-west-1"
      + reserved_concurrent_executions = -1
      + response_streaming_invoke_arn  = (known after apply)
      + role                           = (known after apply)
      + runtime                        = "go1.x"
      + s3_bucket                      = "your-lambda-artifacts-bucket"
      + s3_key                         = "send_notification.zip"
      + signing_job_arn                = (known after apply)
      + signing_profile_version_arn    = (known after apply)
      + skip_destroy                   = false
      + source_code_hash               = (known after apply)
      + source_code_size               = (known after apply)
      + tags_all                       = (known after apply)
      + timeout                        = 3
      + version                        = (known after apply)

      + environment {
          + variables = (known after apply)
        }

      + ephemeral_storage (known after apply)

      + logging_config (known after apply)

      + tracing_config (known after apply)
    }

  # aws_lambda_function.send_telegram_notification will be created
  + resource "aws_lambda_function" "send_telegram_notification" {
      + architectures                  = (known after apply)
      + arn                            = (known after apply)
      + code_sha256                    = (known after apply)
      + function_name                  = "cann_send_telegram_notification"
      + handler                        = "main"
      + id                             = (known after apply)
      + invoke_arn                     = (known after apply)
      + last_modified                  = (known after apply)
      + memory_size                    = 128
      + package_type                   = "Zip"
      + publish                        = false
      + qualified_arn                  = (known after apply)
      + qualified_invoke_arn           = (known after apply)
      + region                         = "eu-west-1"
      + reserved_concurrent_executions = -1
      + response_streaming_invoke_arn  = (known after apply)
      + role                           = (known after apply)
      + runtime                        = "go1.x"
      + s3_bucket                      = "your-lambda-artifacts-bucket"
      + s3_key                         = "send_telegram_notification.zip"
      + signing_job_arn                = (known after apply)
      + signing_profile_version_arn    = (known after apply)
      + skip_destroy                   = false
      + source_code_hash               = (known after apply)
      + source_code_size               = (known after apply)
      + tags_all                       = (known after apply)
      + timeout                        = 3
      + version                        = (known after apply)

      + environment {
          + variables = {
              + "SSM_TELEGRAM_AUTH_TOKEN" = "/announcements/telegram/auth_token"
            }
        }

      + ephemeral_storage (known after apply)

      + logging_config (known after apply)

      + tracing_config (known after apply)
    }

  # aws_lambda_permission.allow_dynamodb will be created
  + resource "aws_lambda_permission" "allow_dynamodb" {
      + action              = "lambda:InvokeFunction"
      + function_name       = "cann_send_notification"
      + id                  = (known after apply)
      + principal           = "dynamodb.amazonaws.com"
      + region              = "eu-west-1"
      + source_arn          = (known after apply)
      + statement_id        = "AllowExecutionFromDynamoDB"
      + statement_id_prefix = (known after apply)
    }

  # aws_lambda_permission.allow_events will be created
  + resource "aws_lambda_permission" "allow_events" {
      + action              = "lambda:InvokeFunction"
      + function_name       = "cann_check_announcement"
      + id                  = (known after apply)
      + principal           = "events.amazonaws.com"
      + region              = "eu-west-1"
      + source_arn          = (known after apply)
      + statement_id        = "AllowExecutionFromCloudWatch"
      + statement_id_prefix = (known after apply)
    }

  # aws_lambda_permission.allow_sns will be created
  + resource "aws_lambda_permission" "allow_sns" {
      + action              = "lambda:InvokeFunction"
      + function_name       = "cann_send_telegram_notification"
      + id                  = (known after apply)
      + principal           = "sns.amazonaws.com"
      + region              = "eu-west-1"
      + source_arn          = (known after apply)
      + statement_id        = "AllowExecutionFromSNS"
      + statement_id_prefix = (known after apply)
    }

  # aws_sns_topic.announcements will be created
  + resource "aws_sns_topic" "announcements" {
      + arn                         = (known after apply)
      + beginning_archive_time      = (known after apply)
      + content_based_deduplication = false
      + fifo_throughput_scope       = (known after apply)
      + fifo_topic                  = false
      + id                          = (known after apply)
      + name                        = "cann_announcements_topic"
      + name_prefix                 = (known after apply)
      + owner                       = (known after apply)
      + policy                      = (known after apply)
      + region                      = "eu-west-1"
      + signature_version           = (known after apply)
      + tags                        = {
          + "Project" = "cann"
        }
      + tags_all                    = {
          + "Project" = "cann"
        }
      + tracing_config              = (known after apply)
    }

  # aws_sns_topic_subscription.telegram_lambda will be created
  + resource "aws_sns_topic_subscription" "telegram_lambda" {
      + arn                             = (known after apply)
      + confirmation_timeout_in_minutes = 1
      + confirmation_was_authenticated  = (known after apply)
      + endpoint                        = (known after apply)
      + endpoint_auto_confirms          = false
      + filter_policy_scope             = (known after apply)
      + id                              = (known after apply)
      + owner_id                        = (known after apply)
      + pending_confirmation            = (known after apply)
      + protocol                        = "lambda"
      + raw_message_delivery            = false
      + region                          = "eu-west-1"
      + topic_arn                       = (known after apply)
    }

  # aws_ssm_parameter.telegram_auth_token will be created
  + resource "aws_ssm_parameter" "telegram_auth_token" {
      + arn            = (known after apply)
      + data_type      = (known after apply)
      + description    = "Telegram Bot Auth Token for notifications."
      + has_value_wo   = (known after apply)
      + id             = (known after apply)
      + insecure_value = (known after apply)
      + key_id         = (known after apply)
      + name           = "/announcements/telegram/auth_token"
      + overwrite      = true
      + region         = "eu-west-1"
      + tags_all       = (known after apply)
      + tier           = (known after apply)
      + type           = "SecureString"
      + value          = (sensitive value)
      + value_wo       = (write-only attribute)
      + version        = (known after apply)
    }

Plan: 16 to add, 0 to change, 0 to destroy.

Changes to Outputs:
  + dynamodb_table_name                   = "cann_announcements"
  + lambda_check_announcement_arn         = (known after apply)
  + lambda_send_notification_arn          = (known after apply)
  + lambda_send_telegram_notification_arn = (known after apply)
  + sns_topic_arn                         = (known after apply)
  + ssm_telegram_auth_token_arn           = (known after apply)
