data.aws_caller_identity.current: Reading...
data.aws_region.current: Reading...
data.aws_vpc.default: Reading...
data.aws_region.current: Read complete after 0s [id=us-east-1]
data.aws_caller_identity.current: Read complete after 0s [id=000000000000]
data.aws_vpc.default: Read complete after 1s [id=vpc-69078510b9da9d4a8]
data.aws_subnets.default: Reading...
data.aws_subnets.default: Read complete after 0s [id=us-east-1]

Terraform used the selected providers to generate the following execution
plan. Resource actions are indicated with the following symbols:
  + create

Terraform will perform the following actions:

  # aws_cloudwatch_log_group.app will be created
  + resource "aws_cloudwatch_log_group" "app" {
      + arn               = (known after apply)
      + id                = (known after apply)
      + log_group_class   = (known after apply)
      + name              = "/ecs/ssh-key-agent"
      + name_prefix       = (known after apply)
      + retention_in_days = 14
      + skip_destroy      = false
      + tags_all          = {
          + "Application" = "ssh-key-agent"
          + "ManagedBy"   = "terraform"
        }
    }

  # aws_ecs_cluster.this will be created
  + resource "aws_ecs_cluster" "this" {
      + arn      = (known after apply)
      + id       = (known after apply)
      + name     = "ssh-key-agent"
      + tags_all = {
          + "Application" = "ssh-key-agent"
          + "ManagedBy"   = "terraform"
        }

      + setting (known after apply)
    }

  # aws_ecs_service.this will be created
  + resource "aws_ecs_service" "this" {
      + availability_zone_rebalancing      = "DISABLED"
      + cluster                            = (known after apply)
      + deployment_maximum_percent         = 200
      + deployment_minimum_healthy_percent = 100
      + desired_count                      = 1
      + enable_ecs_managed_tags            = false
      + enable_execute_command             = false
      + iam_role                           = (known after apply)
      + id                                 = (known after apply)
      + launch_type                        = "FARGATE"
      + name                               = "ssh-key-agent"
      + platform_version                   = (known after apply)
      + scheduling_strategy                = "REPLICA"
      + tags_all                           = {
          + "Application" = "ssh-key-agent"
          + "ManagedBy"   = "terraform"
        }
      + task_definition                    = (known after apply)
      + triggers                           = (known after apply)
      + wait_for_steady_state              = false

      + network_configuration {
          + assign_public_ip = true
          + security_groups  = (known after apply)
          + subnets          = [
              + "subnet-36a8a9504db942332",
              + "subnet-450326828bf651f68",
              + "subnet-4a5aa7d5bb7b056b0",
              + "subnet-739858f5e3cf18b51",
              + "subnet-744617de856a607b7",
              + "subnet-dec515f6fd5492c71",
            ]
        }
    }

  # aws_ecs_task_definition.this will be created
  + resource "aws_ecs_task_definition" "this" {
      + arn                      = (known after apply)
      + arn_without_revision     = (known after apply)
      + container_definitions    = jsonencode(
            [
              + {
                  + environment      = [
                      + {
                          + name  = "SKA_AKF_LOC"
                          + value = "/authorized_keys"
                        },
                      + {
                          + name  = "SKA_GROUPS"
                          + value = ""
                        },
                      + {
                          + name  = "SKA_INTERVAL"
                          + value = "60"
                        },
                      + {
                          + name  = "SKA_KEY_URI"
                          + value = "ai-basis-tf"
                        },
                    ]
                  + essential        = true
                  + image            = "quay.io/utilitywarehouse/ssh-key-agent:latest"
                  + logConfiguration = {
                      + logDriver = "awslogs"
                      + options   = {
                          + awslogs-group         = "/ecs/ssh-key-agent"
                          + awslogs-region        = "us-east-1"
                          + awslogs-stream-prefix = "ecs"
                        }
                    }
                  + name             = "ssh-key-agent"
                },
            ]
        )
      + cpu                      = "256"
      + enable_fault_injection   = (known after apply)
      + execution_role_arn       = (known after apply)
      + family                   = "ssh-key-agent"
      + id                       = (known after apply)
      + memory                   = "512"
      + network_mode             = "awsvpc"
      + requires_compatibilities = [
          + "FARGATE",
        ]
      + revision                 = (known after apply)
      + skip_destroy             = false
      + tags_all                 = {
          + "Application" = "ssh-key-agent"
          + "ManagedBy"   = "terraform"
        }
      + track_latest             = false
    }

  # aws_iam_role.task_execution will be created
  + resource "aws_iam_role" "task_execution" {
      + arn                   = (known after apply)
      + assume_role_policy    = jsonencode(
            {
              + Statement = [
                  + {
                      + Action    = "sts:AssumeRole"
                      + Effect    = "Allow"
                      + Principal = {
                          + Service = "ecs-tasks.amazonaws.com"
                        }
                    },
                ]
              + Version   = "2012-10-17"
            }
        )
      + create_date           = (known after apply)
      + force_detach_policies = false
      + id                    = (known after apply)
      + managed_policy_arns   = (known after apply)
      + max_session_duration  = 3600
      + name                  = "ssh-key-agent-task-exec"
      + name_prefix           = (known after apply)
      + path                  = "/"
      + tags_all              = {
          + "Application" = "ssh-key-agent"
          + "ManagedBy"   = "terraform"
        }
      + unique_id             = (known after apply)

      + inline_policy (known after apply)
    }

  # aws_iam_role_policy_attachment.task_execution will be created
  + resource "aws_iam_role_policy_attachment" "task_execution" {
      + id         = (known after apply)
      + policy_arn = "arn:aws:iam::aws:policy/service-role/AmazonECSTaskExecutionRolePolicy"
      + role       = "ssh-key-agent-task-exec"
    }

  # aws_security_group.task will be created
  + resource "aws_security_group" "task" {
      + arn                    = (known after apply)
      + description            = "ECS task security group (egress only)"
      + egress                 = [
          + {
              + cidr_blocks      = [
                  + "0.0.0.0/0",
                ]
              + from_port        = 0
              + ipv6_cidr_blocks = []
              + prefix_list_ids  = []
              + protocol         = "-1"
              + security_groups  = []
              + self             = false
              + to_port          = 0
                # (1 unchanged attribute hidden)
            },
        ]
      + id                     = (known after apply)
      + ingress                = (known after apply)
      + name                   = "ssh-key-agent-task"
      + name_prefix            = (known after apply)
      + owner_id               = (known after apply)
      + revoke_rules_on_delete = false
      + tags_all               = {
          + "Application" = "ssh-key-agent"
          + "ManagedBy"   = "terraform"
        }
      + vpc_id                 = "vpc-69078510b9da9d4a8"
    }

Plan: 7 to add, 0 to change, 0 to destroy.

Changes to Outputs:
  + aws_region           = "us-east-1"
  + cloudwatch_log_group = "/ecs/ssh-key-agent"
  + ecs_cluster_name     = "ssh-key-agent"
  + ecs_service_name     = "ssh-key-agent"
