{
  "version": 4,
  "terraform_version": "1.13.5",
  "serial": 1,
  "lineage": "aed09126-50bc-b0d5-4869-9df6f8640b92",
  "outputs": {
    "aws_region": {
      "value": "us-east-1",
      "type": "string"
    }
  },
  "resources": [
    {
      "mode": "managed",
      "type": "random_id",
      "name": "suffix",
      "provider": "provider[\"registry.terraform.io/hashicorp/random\"]",
      "instances": [
        {
          "schema_version": 0,
          "attributes": {
            "b64_std": "t3NzLA==",
            "b64_url": "t3NzLA",
            "byte_length": 4,
            "dec": "3077796652",
            "hex": "b773732c",
            "id": "t3NzLA",
            "keepers": null,
            "prefix": null
          },
          "sensitive_attributes": [],
          "identity_schema_version": 0
        }
      ]
    }
  ],
  "check_results": null
}
