{"format_version":"1.2","terraform_version":"1.13.5","variables":{"MONGODB_URI":{"value":"terraform"},"container_image":{"value":"terraform"},"execution_role_arn":{"value":"arn:aws:iam:us-east-1:000000000000:terraform"},"security_groups":{"value":[]},"subnets":{"value":[]}},"planned_values":{"root_module":{"resources":[{"address":"aws_cloudwatch_log_group.mongodb_aws_ecs","mode":"managed","type":"aws_cloudwatch_log_group","name":"mongodb_aws_ecs","provider_name":"registry.terraform.io/hashicorp/aws","schema_version":0,"values":{"kms_key_id":null,"name":"mongodb_aws_ecs","region":"eu-west-2","retention_in_days":1,"skip_destroy":false,"tags":{"expire-on":"2023-03-01","owner":"carlos.castro","purpose":"opportunity"},"tags_all":{"expire-on":"2023-03-01","owner":"carlos.castro","purpose":"opportunity"}},"sensitive_values":{"tags":{},"tags_all":{}},"identity_schema_version":0,"identity":{"account_id":null,"name":null,"region":null}},{"address":"aws_ecs_cluster.cluster","mode":"managed","type":"aws_ecs_cluster","name":"cluster","provider_name":"registry.terraform.io/hashicorp/aws","schema_version":0,"values":{"configuration":[],"name":"carlos-ecs-cluster","region":"eu-west-2","service_connect_defaults":[],"tags":{"expire-on":"2023-03-01","owner":"carlos.castro","purpose":"opportunity"},"tags_all":{"expire-on":"2023-03-01","owner":"carlos.castro","purpose":"opportunity"}},"sensitive_values":{"configuration":[],"service_connect_defaults":[],"setting":[],"tags":{},"tags_all":{}}},{"address":"aws_ecs_cluster_capacity_providers.capacity_provider","mode":"managed","type":"aws_ecs_cluster_capacity_providers","name":"capacity_provider","provider_name":"registry.terraform.io/hashicorp/aws","schema_version":0,"values":{"capacity_providers":["FARGATE"],"cluster_name":"carlos-ecs-cluster","default_capacity_provider_strategy":[{"base":1,"capacity_provider":"FARGATE","weight":100}],"region":"eu-west-2"},"sensitive_values":{"capacity_providers":[false],"default_capacity_provider_strategy":[{}]}},{"address":"aws_ecs_service.mongodb_aws_ecs","mode":"managed","type":"aws_ecs_service","name":"mongodb_aws_ecs","provider_name":"registry.terraform.io/hashicorp/aws","schema_version":1,"values":{"alarms":[],"capacity_provider_strategy":[{"base":1,"capacity_provider":"FARGATE","weight":100}],"deployment_circuit_breaker":[{"enable":true,"rollback":true}],"deployment_controller":[{"type":"ECS"}],"deployment_maximum_percent":200,"deployment_minimum_healthy_percent":100,"desired_count":1,"enable_ecs_managed_tags":true,"enable_execute_command":false,"force_delete":null,"force_new_deployment":null,"health_check_grace_period_seconds":0,"load_balancer":[],"name":"mongodb_aws_ecs","network_configuration":[{"assign_public_ip":true,"security_groups":null,"subnets":null}],"ordered_placement_strategy":[],"placement_constraints":[],"platform_version":"LATEST","propagate_tags":"NONE","region":"eu-west-2","scheduling_strategy":"REPLICA","service_connect_configuration":[],"service_registries":[],"sigint_rollback":null,"tags":null,"timeouts":{"create":null,"delete":null,"update":null},"volume_configuration":[],"vpc_lattice_configurations":[],"wait_for_steady_state":false},"sensitive_values":{"alarms":[],"capacity_provider_strategy":[{}],"deployment_circuit_breaker":[{}],"deployment_configuration":[],"deployment_controller":[{}],"load_balancer":[],"network_configuration":[{}],"ordered_placement_strategy":[],"placement_constraints":[],"service_connect_configuration":[],"service_registries":[],"tags_all":{},"timeouts":{},"triggers":{},"volume_configuration":[],"vpc_lattice_configurations":[]}},{"address":"aws_ecs_task_definition.mongodb_aws_ecs","mode":"managed","type":"aws_ecs_task_definition","name":"mongodb_aws_ecs","provider_name":"registry.terraform.io/hashicorp/aws","schema_version":1,"values":{"container_definitions":"[{\"environment\":[{\"name\":\"MONGODB_URI\",\"value\":\"terraform\"}],\"environmentFiles\":[],\"essential\":true,\"image\":\"terraform\",\"logConfiguration\":{\"logDriver\":\"awslogs\",\"options\":{\"awslogs-group\":\"mongodb_aws_ecs\",\"awslogs-region\":\"eu-west-2\",\"awslogs-stream-prefix\":\"ecs\"}},\"mountPoints\":[],\"name\":\"mongodb_aws_ecs\",\"portMappings\":[],\"volumesFrom\":[]}]","cpu":"1024","ephemeral_storage":[],"execution_role_arn":"arn:aws:iam:us-east-1:000000000000:terraform","family":"mongodb_aws_ecs","ipc_mode":null,"memory":"3072","network_mode":"awsvpc","pid_mode":null,"placement_constraints":[],"proxy_configuration":[],"region":"eu-west-2","requires_compatibilities":["FARGATE"],"runtime_platform":[{"cpu_architecture":"X86_64","operating_system_family":"LINUX"}],"skip_destroy":false,"tags":null,"task_role_arn":"arn:aws:iam:us-east-1:000000000000:terraform","track_latest":false,"volume":[]},"sensitive_values":{"ephemeral_storage":[],"placement_constraints":[],"proxy_configuration":[],"requires_compatibilities":[false],"runtime_platform":[{}],"tags_all":{},"volume":[]}}]}},"resource_changes":[{"address":"aws_cloudwatch_log_group.mongodb_aws_ecs","mode":"managed","type":"aws_cloudwatch_log_group","name":"mongodb_aws_ecs","provider_name":"registry.terraform.io/hashicorp/aws","change":{"actions":["create"],"before":null,"after":{"kms_key_id":null,"name":"mongodb_aws_ecs","region":"eu-west-2","retention_in_days":1,"skip_destroy":false,"tags":{"expire-on":"2023-03-01","owner":"carlos.castro","purpose":"opportunity"},"tags_all":{"expire-on":"2023-03-01","owner":"carlos.castro","purpose":"opportunity"}},"after_unknown":{"arn":true,"deletion_protection_enabled":true,"id":true,"log_group_class":true,"name_prefix":true,"tags":{},"tags_all":{}},"before_sensitive":false,"after_sensitive":{"tags":{},"tags_all":{}},"after_identity":{"account_id":null,"name":null,"region":null}}},{"address":"aws_ecs_cluster.cluster","mode":"managed","type":"aws_ecs_cluster","name":"cluster","provider_name":"registry.terraform.io/hashicorp/aws","change":{"actions":["create"],"before":null,"after":{"configuration":[],"name":"carlos-ecs-cluster","region":"eu-west-2","service_connect_defaults":[],"tags":{"expire-on":"2023-03-01","owner":"carlos.castro","purpose":"opportunity"},"tags_all":{"expire-on":"2023-03-01","owner":"carlos.castro","purpose":"opportunity"}},"after_unknown":{"arn":true,"configuration":[],"id":true,"service_connect_defaults":[],"setting":true,"tags":{},"tags_all":{}},"before_sensitive":false,"after_sensitive":{"configuration":[],"service_connect_defaults":[],"setting":[],"tags":{},"tags_all":{}}}},{"address":"aws_ecs_cluster_capacity_providers.capacity_provider","mode":"managed","type":"aws_ecs_cluster_capacity_providers","name":"capacity_provider","provider_name":"registry.terraform.io/hashicorp/aws","change":{"actions":["create"],"before":null,"after":{"capacity_providers":["FARGATE"],"cluster_name":"carlos-ecs-cluster","default_capacity_provider_strategy":[{"base":1,"capacity_provider":"FARGATE","weight":100}],"region":"eu-west-2"},"after_unknown":{"capacity_providers":[false],"default_capacity_provider_strategy":[{}],"id":true},"before_sensitive":false,"after_sensitive":{"capacity_providers":[false],"default_capacity_provider_strategy":[{}]}}},{"address":"aws_ecs_service.mongodb_aws_ecs","mode":"managed","type":"aws_ecs_service","name":"mongodb_aws_ecs","provider_name":"registry.terraform.io/hashicorp/aws","change":{"actions":["create"],"before":null,"after":{"alarms":[],"capacity_provider_strategy":[{"base":1,"capacity_provider":"FARGATE","weight":100}],"deployment_circuit_breaker":[{"enable":true,"rollback":true}],"deployment_controller":[{"type":"ECS"}],"deployment_maximum_percent":200,"deployment_minimum_healthy_percent":100,"desired_count":1,"enable_ecs_managed_tags":true,"enable_execute_command":false,"force_delete":null,"force_new_deployment":null,"health_check_grace_period_seconds":0,"load_balancer":[],"name":"mongodb_aws_ecs","network_configuration":[{"assign_public_ip":true,"security_groups":null,"subnets":null}],"ordered_placement_strategy":[],"placement_constraints":[],"platform_version":"LATEST","propagate_tags":"NONE","region":"eu-west-2","scheduling_strategy":"REPLICA","service_connect_configuration":[],"service_registries":[],"sigint_rollback":null,"tags":null,"timeouts":{"create":null,"delete":null,"update":null},"volume_configuration":[],"vpc_lattice_configurations":[],"wait_for_steady_state":false},"after_unknown":{"alarms":[],"arn":true,"availability_zone_rebalancing":true,"capacity_provider_strategy":[{}],"cluster":true,"deployment_circuit_breaker":[{}],"deployment_configuration":true,"deployment_controller":[{}],"iam_role":true,"id":true,"launch_type":true,"load_balancer":[],"network_configuration":[{}],"ordered_placement_strategy":[],"placement_constraints":[],"service_connect_configuration":[],"service_registries":[],"tags_all":true,"task_definition":true,"timeouts":{},"triggers":true,"volume_configuration":[],"vpc_lattice_configurations":[]},"before_sensitive":false,"after_sensitive":{"alarms":[],"capacity_provider_strategy":[{}],"deployment_circuit_breaker":[{}],"deployment_configuration":[],"deployment_controller":[{}],"load_balancer":[],"network_configuration":[{}],"ordered_placement_strategy":[],"placement_constraints":[],"service_connect_configuration":[],"service_registries":[],"tags_all":{},"timeouts":{},"triggers":{},"volume_configuration":[],"vpc_lattice_configurations":[]}}},{"address":"aws_ecs_task_definition.mongodb_aws_ecs","mode":"managed","type":"aws_ecs_task_definition","name":"mongodb_aws_ecs","provider_name":"registry.terraform.io/hashicorp/aws","change":{"actions":["create"],"before":null,"after":{"container_definitions":"[{\"environment\":[{\"name\":\"MONGODB_URI\",\"value\":\"terraform\"}],\"environmentFiles\":[],\"essential\":true,\"image\":\"terraform\",\"logConfiguration\":{\"logDriver\":\"awslogs\",\"options\":{\"awslogs-group\":\"mongodb_aws_ecs\",\"awslogs-region\":\"eu-west-2\",\"awslogs-stream-prefix\":\"ecs\"}},\"mountPoints\":[],\"name\":\"mongodb_aws_ecs\",\"portMappings\":[],\"volumesFrom\":[]}]","cpu":"1024","ephemeral_storage":[],"execution_role_arn":"arn:aws:iam:us-east-1:000000000000:terraform","family":"mongodb_aws_ecs","ipc_mode":null,"memory":"3072","network_mode":"awsvpc","pid_mode":null,"placement_constraints":[],"proxy_configuration":[],"region":"eu-west-2","requires_compatibilities":["FARGATE"],"runtime_platform":[{"cpu_architecture":"X86_64","operating_system_family":"LINUX"}],"skip_destroy":false,"tags":null,"task_role_arn":"arn:aws:iam:us-east-1:000000000000:terraform","track_latest":false,"volume":[]},"after_unknown":{"arn":true,"arn_without_revision":true,"enable_fault_injection":true,"ephemeral_storage":[],"id":true,"placement_constraints":[],"proxy_configuration":[],"requires_compatibilities":[false],"revision":true,"runtime_platform":[{}],"tags_all":true,"volume":[]},"before_sensitive":false,"after_sensitive":{"ephemeral_storage":[],"placement_constraints":[],"proxy_configuration":[],"requires_compatibilities":[false],"runtime_platform":[{}],"tags_all":{},"volume":[]}}}],"configuration":{"provider_config":{"aws":{"name":"aws","full_name":"registry.terraform.io/hashicorp/aws","version_constraint":"\u003e= 2.0.0","expressions":{"region":{"references":["local.aws_region"]}}}},"root_module":{"resources":[{"address":"aws_cloudwatch_log_group.mongodb_aws_ecs","mode":"managed","type":"aws_cloudwatch_log_group","name":"mongodb_aws_ecs","provider_config_key":"aws","expressions":{"name":{"constant_value":"mongodb_aws_ecs"},"retention_in_days":{"constant_value":1},"tags":{"references":["local.tags"]}},"schema_version":0},{"address":"aws_ecs_cluster.cluster","mode":"managed","type":"aws_ecs_cluster","name":"cluster","provider_config_key":"aws","expressions":{"name":{"constant_value":"carlos-ecs-cluster"},"tags":{"references":["local.tags"]}},"schema_version":0},{"address":"aws_ecs_cluster_capacity_providers.capacity_provider","mode":"managed","type":"aws_ecs_cluster_capacity_providers","name":"capacity_provider","provider_config_key":"aws","expressions":{"capacity_providers":{"constant_value":["FARGATE"]},"cluster_name":{"references":["aws_ecs_cluster.cluster.name","aws_ecs_cluster.cluster"]},"default_capacity_provider_strategy":[{"base":{"constant_value":1},"capacity_provider":{"constant_value":"FARGATE"},"weight":{"constant_value":100}}]},"schema_version":0},{"address":"aws_ecs_service.mongodb_aws_ecs","mode":"managed","type":"aws_ecs_service","name":"mongodb_aws_ecs","provider_config_key":"aws","expressions":{"capacity_provider_strategy":[{"base":{"constant_value":1},"capacity_provider":{"constant_value":"FARGATE"},"weight":{"constant_value":100}}],"cluster":{"references":["aws_ecs_cluster.cluster.arn","aws_ecs_cluster.cluster"]},"deployment_circuit_breaker":[{"enable":{"constant_value":true},"rollback":{"constant_value":true}}],"deployment_controller":[{"type":{"constant_value":"ECS"}}],"deployment_maximum_percent":{"constant_value":200},"deployment_minimum_healthy_percent":{"constant_value":100},"desired_count":{"constant_value":1},"enable_ecs_managed_tags":{"constant_value":true},"enable_execute_command":{"constant_value":false},"health_check_grace_period_seconds":{"constant_value":0},"name":{"constant_value":"mongodb_aws_ecs"},"network_configuration":[{"assign_public_ip":{"constant_value":true},"security_groups":{"references":["var.security_groups"]},"subnets":{"references":["var.subnets"]}}],"platform_version":{"constant_value":"LATEST"},"propagate_tags":{"constant_value":"NONE"},"scheduling_strategy":{"constant_value":"REPLICA"},"tags":{"constant_value":{}},"tags_all":{"constant_value":{}},"task_definition":{"references":["aws_ecs_task_definition.mongodb_aws_ecs.arn","aws_ecs_task_definition.mongodb_aws_ecs"]},"timeouts":{},"triggers":{"constant_value":{}}},"schema_version":1},{"address":"aws_ecs_task_definition.mongodb_aws_ecs","mode":"managed","type":"aws_ecs_task_definition","name":"mongodb_aws_ecs","provider_config_key":"aws","expressions":{"container_definitions":{"references":["var.MONGODB_URI","var.container_image","local.aws_region"]},"cpu":{"constant_value":"1024"},"execution_role_arn":{"references":["var.execution_role_arn"]},"family":{"constant_value":"mongodb_aws_ecs"},"memory":{"constant_value":"3072"},"network_mode":{"constant_value":"awsvpc"},"requires_compatibilities":{"constant_value":["FARGATE"]},"runtime_platform":[{"cpu_architecture":{"constant_value":"X86_64"},"operating_system_family":{"constant_value":"LINUX"}}],"tags":{"constant_value":{}},"tags_all":{"constant_value":{}},"task_role_arn":{"references":["var.execution_role_arn"]}},"schema_version":1}],"variables":{"MONGODB_URI":{"description":"MongoDB Atlas URI"},"container_image":{"description":"Container image"},"execution_role_arn":{"description":"The execution role ARN to use"},"security_groups":{"description":"The VPC security groups to use"},"subnets":{"description":"The VPC subnets to use"}}}},"relevant_attributes":[{"resource":"aws_ecs_cluster.cluster","attribute":["name"]},{"resource":"aws_ecs_cluster.cluster","attribute":["arn"]},{"resource":"aws_ecs_task_definition.mongodb_aws_ecs","attribute":["arn"]}],"timestamp":"2026-01-26T23:23:18Z","applyable":true,"complete":true,"errored":false}
