data.aws_availability_zones.available: Reading...
data.aws_partition.current: Reading...
data.aws_iam_policy_document.ecs_task_assume: Reading...
data.aws_caller_identity.current: Reading...
data.aws_partition.current: Read complete after 0s [id=aws]
data.aws_iam_policy_document.ecs_task_assume: Read complete after 0s [id=1077804475]
data.aws_caller_identity.current: Read complete after 0s [id=000000000000]
data.aws_availability_zones.available: Read complete after 0s [id=us-east-1]

Terraform used the selected providers to generate the following execution
plan. Resource actions are indicated with the following symbols:
  + create

Terraform will perform the following actions:

  # aws_cloudwatch_log_group.app will be created
  + resource "aws_cloudwatch_log_group" "app" {
      + arn               = (known after apply)
      + id                = (known after apply)
      + log_group_class   = (known after apply)
      + name              = "/ecs/http-echo-dev"
      + name_prefix       = (known after apply)
      + retention_in_days = 14
      + skip_destroy      = false
      + tags_all          = {
          + "Environment" = "dev"
          + "ManagedBy"   = "terraform"
          + "Project"     = "http-echo"
        }
    }

  # aws_ecr_lifecycle_policy.this will be created
  + resource "aws_ecr_lifecycle_policy" "this" {
      + id          = (known after apply)
      + policy      = jsonencode(
            {
              + rules = [
                  + {
                      + action       = {
                          + type = "expire"
                        }
                      + description  = "Expire untagged images older than 7 days"
                      + rulePriority = 1
                      + selection    = {
                          + countNumber = 7
                          + countType   = "sinceImagePushed"
                          + countUnit   = "days"
                          + tagStatus   = "untagged"
                        }
                    },
                  + {
                      + action       = {
                          + type = "expire"
                        }
                      + description  = "Keep last 30 images"
                      + rulePriority = 2
                      + selection    = {
                          + countNumber = 30
                          + countType   = "imageCountMoreThan"
                          + tagStatus   = "any"
                        }
                    },
                ]
            }
        )
      + registry_id = (known after apply)
      + repository  = "http-echo"
    }

  # aws_ecr_repository.this will be created
  + resource "aws_ecr_repository" "this" {
      + arn                  = (known after apply)
      + id                   = (known after apply)
      + image_tag_mutability = "MUTABLE"
      + name                 = "http-echo"
      + registry_id          = (known after apply)
      + repository_url       = (known after apply)
      + tags_all             = {
          + "Environment" = "dev"
          + "ManagedBy"   = "terraform"
          + "Project"     = "http-echo"
        }

      + encryption_configuration {
          + encryption_type = "AES256"
          + kms_key         = (known after apply)
        }

      + image_scanning_configuration {
          + scan_on_push = true
        }
    }

  # aws_ecs_cluster.this will be created
  + resource "aws_ecs_cluster" "this" {
      + arn      = (known after apply)
      + id       = (known after apply)
      + name     = "http-echo-dev-cluster"
      + tags_all = {
          + "Environment" = "dev"
          + "ManagedBy"   = "terraform"
          + "Project"     = "http-echo"
        }

      + setting {
          + name  = "containerInsights"
          + value = "enabled"
        }
    }

  # aws_ecs_service.this will be created
  + resource "aws_ecs_service" "this" {
      + availability_zone_rebalancing      = "DISABLED"
      + cluster                            = (known after apply)
      + deployment_maximum_percent         = 200
      + deployment_minimum_healthy_percent = 100
      + desired_count                      = 2
      + enable_ecs_managed_tags            = false
      + enable_execute_command             = false
      + iam_role                           = (known after apply)
      + id                                 = (known after apply)
      + launch_type                        = "FARGATE"
      + name                               = "http-echo-dev-service"
      + platform_version                   = (known after apply)
      + scheduling_strategy                = "REPLICA"
      + tags_all                           = {
          + "Environment" = "dev"
          + "ManagedBy"   = "terraform"
          + "Project"     = "http-echo"
        }
      + task_definition                    = (known after apply)
      + triggers                           = (known after apply)
      + wait_for_steady_state              = false

      + deployment_circuit_breaker {
          + enable   = true
          + rollback = true
        }

      + load_balancer {
          + container_name   = "app"
          + container_port   = 5678
          + target_group_arn = (known after apply)
            # (1 unchanged attribute hidden)
        }

      + network_configuration {
          + assign_public_ip = false
          + security_groups  = (known after apply)
          + subnets          = (known after apply)
        }
    }

  # aws_ecs_task_definition.this will be created
  + resource "aws_ecs_task_definition" "this" {
      + arn                      = (known after apply)
      + arn_without_revision     = (known after apply)
      + container_definitions    = (known after apply)
      + cpu                      = "256"
      + enable_fault_injection   = (known after apply)
      + execution_role_arn       = (known after apply)
      + family                   = "http-echo-dev"
      + id                       = (known after apply)
      + memory                   = "512"
      + network_mode             = "awsvpc"
      + requires_compatibilities = [
          + "FARGATE",
        ]
      + revision                 = (known after apply)
      + skip_destroy             = false
      + tags_all                 = {
          + "Environment" = "dev"
          + "ManagedBy"   = "terraform"
          + "Project"     = "http-echo"
        }
      + task_role_arn            = (known after apply)
      + track_latest             = false
    }

  # aws_eip.nat["us-east-1a"] will be created
  + resource "aws_eip" "nat" {
      + allocation_id        = (known after apply)
      + arn                  = (known after apply)
      + association_id       = (known after apply)
      + carrier_ip           = (known after apply)
      + customer_owned_ip    = (known after apply)
      + domain               = "vpc"
      + id                   = (known after apply)
      + instance             = (known after apply)
      + ipam_pool_id         = (known after apply)
      + network_border_group = (known after apply)
      + network_interface    = (known after apply)
      + private_dns          = (known after apply)
      + private_ip           = (known after apply)
      + ptr_record           = (known after apply)
      + public_dns           = (known after apply)
      + public_ip            = (known after apply)
      + public_ipv4_pool     = (known after apply)
      + tags                 = {
          + "Name" = "http-echo-dev-nat-eip-us-east-1a"
        }
      + tags_all             = {
          + "Environment" = "dev"
          + "ManagedBy"   = "terraform"
          + "Name"        = "http-echo-dev-nat-eip-us-east-1a"
          + "Project"     = "http-echo"
        }
      + vpc                  = (known after apply)
    }

  # aws_eip.nat["us-east-1b"] will be created
  + resource "aws_eip" "nat" {
      + allocation_id        = (known after apply)
      + arn                  = (known after apply)
      + association_id       = (known after apply)
      + carrier_ip           = (known after apply)
      + customer_owned_ip    = (known after apply)
      + domain               = "vpc"
      + id                   = (known after apply)
      + instance             = (known after apply)
      + ipam_pool_id         = (known after apply)
      + network_border_group = (known after apply)
      + network_interface    = (known after apply)
      + private_dns          = (known after apply)
      + private_ip           = (known after apply)
      + ptr_record           = (known after apply)
      + public_dns           = (known after apply)
      + public_ip            = (known after apply)
      + public_ipv4_pool     = (known after apply)
      + tags                 = {
          + "Name" = "http-echo-dev-nat-eip-us-east-1b"
        }
      + tags_all             = {
          + "Environment" = "dev"
          + "ManagedBy"   = "terraform"
          + "Name"        = "http-echo-dev-nat-eip-us-east-1b"
          + "Project"     = "http-echo"
        }
      + vpc                  = (known after apply)
    }

  # aws_iam_role.ecs_task will be created
  + resource "aws_iam_role" "ecs_task" {
      + arn                   = (known after apply)
      + assume_role_policy    = jsonencode(
            {
              + Statement = [
                  + {
                      + Action    = "sts:AssumeRole"
                      + Effect    = "Allow"
                      + Principal = {
                          + Service = "ecs-tasks.amazonaws.com"
                        }
                    },
                ]
              + Version   = "2012-10-17"
            }
        )
      + create_date           = (known after apply)
      + force_detach_policies = false
      + id                    = (known after apply)
      + managed_policy_arns   = (known after apply)
      + max_session_duration  = 3600
      + name                  = "http-echo-dev-ecs-task"
      + name_prefix           = (known after apply)
      + path                  = "/"
      + tags_all              = {
          + "Environment" = "dev"
          + "ManagedBy"   = "terraform"
          + "Project"     = "http-echo"
        }
      + unique_id             = (known after apply)

      + inline_policy (known after apply)
    }

  # aws_iam_role.ecs_task_execution will be created
  + resource "aws_iam_role" "ecs_task_execution" {
      + arn                   = (known after apply)
      + assume_role_policy    = jsonencode(
            {
              + Statement = [
                  + {
                      + Action    = "sts:AssumeRole"
                      + Effect    = "Allow"
                      + Principal = {
                          + Service = "ecs-tasks.amazonaws.com"
                        }
                    },
                ]
              + Version   = "2012-10-17"
            }
        )
      + create_date           = (known after apply)
      + force_detach_policies = false
      + id                    = (known after apply)
      + managed_policy_arns   = (known after apply)
      + max_session_duration  = 3600
      + name                  = "http-echo-dev-ecs-task-exec"
      + name_prefix           = (known after apply)
      + path                  = "/"
      + tags_all              = {
          + "Environment" = "dev"
          + "ManagedBy"   = "terraform"
          + "Project"     = "http-echo"
        }
      + unique_id             = (known after apply)

      + inline_policy (known after apply)
    }

  # aws_iam_role_policy_attachment.ecs_task_execution will be created
  + resource "aws_iam_role_policy_attachment" "ecs_task_execution" {
      + id         = (known after apply)
      + policy_arn = "arn:aws:iam::aws:policy/service-role/AmazonECSTaskExecutionRolePolicy"
      + role       = "http-echo-dev-ecs-task-exec"
    }

  # aws_internet_gateway.this will be created
  + resource "aws_internet_gateway" "this" {
      + arn      = (known after apply)
      + id       = (known after apply)
      + owner_id = (known after apply)
      + tags     = {
          + "Name" = "http-echo-dev-igw"
        }
      + tags_all = {
          + "Environment" = "dev"
          + "ManagedBy"   = "terraform"
          + "Name"        = "http-echo-dev-igw"
          + "Project"     = "http-echo"
        }
      + vpc_id   = (known after apply)
    }

  # aws_lb.this will be created
  + resource "aws_lb" "this" {
      + arn                                                          = (known after apply)
      + arn_suffix                                                   = (known after apply)
      + client_keep_alive                                            = 3600
      + desync_mitigation_mode                                       = "defensive"
      + dns_name                                                     = (known after apply)
      + drop_invalid_header_fields                                   = true
      + enable_deletion_protection                                   = false
      + enable_http2                                                 = true
      + enable_tls_version_and_cipher_suite_headers                  = false
      + enable_waf_fail_open                                         = false
      + enable_xff_client_port                                       = false
      + enable_zonal_shift                                           = false
      + enforce_security_group_inbound_rules_on_private_link_traffic = (known after apply)
      + id                                                           = (known after apply)
      + idle_timeout                                                 = 60
      + internal                                                     = false
      + ip_address_type                                              = (known after apply)
      + load_balancer_type                                           = "application"
      + name                                                         = "http-echo-dev-alb"
      + name_prefix                                                  = (known after apply)
      + preserve_host_header                                         = false
      + security_groups                                              = (known after apply)
      + subnets                                                      = (known after apply)
      + tags_all                                                     = {
          + "Environment" = "dev"
          + "ManagedBy"   = "terraform"
          + "Project"     = "http-echo"
        }
      + vpc_id                                                       = (known after apply)
      + xff_header_processing_mode                                   = "append"
      + zone_id                                                      = (known after apply)

      + subnet_mapping (known after apply)
    }

  # aws_lb_listener.http will be created
  + resource "aws_lb_listener" "http" {
      + arn                                                                   = (known after apply)
      + id                                                                    = (known after apply)
      + load_balancer_arn                                                     = (known after apply)
      + port                                                                  = 80
      + protocol                                                              = "HTTP"
      + routing_http_request_x_amzn_mtls_clientcert_header_name               = (known after apply)
      + routing_http_request_x_amzn_mtls_clientcert_issuer_header_name        = (known after apply)
      + routing_http_request_x_amzn_mtls_clientcert_leaf_header_name          = (known after apply)
      + routing_http_request_x_amzn_mtls_clientcert_serial_number_header_name = (known after apply)
      + routing_http_request_x_amzn_mtls_clientcert_subject_header_name       = (known after apply)
      + routing_http_request_x_amzn_mtls_clientcert_validity_header_name      = (known after apply)
      + routing_http_request_x_amzn_tls_cipher_suite_header_name              = (known after apply)
      + routing_http_request_x_amzn_tls_version_header_name                   = (known after apply)
      + routing_http_response_access_control_allow_credentials_header_value   = (known after apply)
      + routing_http_response_access_control_allow_headers_header_value       = (known after apply)
      + routing_http_response_access_control_allow_methods_header_value       = (known after apply)
      + routing_http_response_access_control_allow_origin_header_value        = (known after apply)
      + routing_http_response_access_control_expose_headers_header_value      = (known after apply)
      + routing_http_response_access_control_max_age_header_value             = (known after apply)
      + routing_http_response_content_security_policy_header_value            = (known after apply)
      + routing_http_response_server_enabled                                  = (known after apply)
      + routing_http_response_strict_transport_security_header_value          = (known after apply)
      + routing_http_response_x_content_type_options_header_value             = (known after apply)
      + routing_http_response_x_frame_options_header_value                    = (known after apply)
      + ssl_policy                                                            = (known after apply)
      + tags_all                                                              = {
          + "Environment" = "dev"
          + "ManagedBy"   = "terraform"
          + "Project"     = "http-echo"
        }
      + tcp_idle_timeout_seconds                                              = (known after apply)

      + default_action {
          + order            = (known after apply)
          + target_group_arn = (known after apply)
          + type             = "forward"
        }

      + mutual_authentication (known after apply)
    }

  # aws_lb_target_group.this will be created
  + resource "aws_lb_target_group" "this" {
      + arn                                = (known after apply)
      + arn_suffix                         = (known after apply)
      + connection_termination             = (known after apply)
      + deregistration_delay               = "300"
      + id                                 = (known after apply)
      + ip_address_type                    = (known after apply)
      + lambda_multi_value_headers_enabled = false
      + load_balancer_arns                 = (known after apply)
      + load_balancing_algorithm_type      = (known after apply)
      + load_balancing_anomaly_mitigation  = (known after apply)
      + load_balancing_cross_zone_enabled  = (known after apply)
      + name                               = "http-echo-dev-tg"
      + name_prefix                        = (known after apply)
      + port                               = 5678
      + preserve_client_ip                 = (known after apply)
      + protocol                           = "HTTP"
      + protocol_version                   = (known after apply)
      + proxy_protocol_v2                  = false
      + slow_start                         = 0
      + tags_all                           = {
          + "Environment" = "dev"
          + "ManagedBy"   = "terraform"
          + "Project"     = "http-echo"
        }
      + target_type                        = "ip"
      + vpc_id                             = (known after apply)

      + health_check {
          + enabled             = true
          + healthy_threshold   = 2
          + interval            = 30
          + matcher             = "200"
          + path                = "/health"
          + port                = "traffic-port"
          + protocol            = "HTTP"
          + timeout             = 5
          + unhealthy_threshold = 3
        }

      + stickiness (known after apply)

      + target_failover (known after apply)

      + target_group_health (known after apply)

      + target_health_state (known after apply)
    }

  # aws_nat_gateway.this["us-east-1a"] will be created
  + resource "aws_nat_gateway" "this" {
      + allocation_id                      = (known after apply)
      + association_id                     = (known after apply)
      + connectivity_type                  = "public"
      + id                                 = (known after apply)
      + network_interface_id               = (known after apply)
      + private_ip                         = (known after apply)
      + public_ip                          = (known after apply)
      + secondary_private_ip_address_count = (known after apply)
      + secondary_private_ip_addresses     = (known after apply)
      + subnet_id                          = (known after apply)
      + tags                               = {
          + "Name" = "http-echo-dev-nat-us-east-1a"
        }
      + tags_all                           = {
          + "Environment" = "dev"
          + "ManagedBy"   = "terraform"
          + "Name"        = "http-echo-dev-nat-us-east-1a"
          + "Project"     = "http-echo"
        }
    }

  # aws_nat_gateway.this["us-east-1b"] will be created
  + resource "aws_nat_gateway" "this" {
      + allocation_id                      = (known after apply)
      + association_id                     = (known after apply)
      + connectivity_type                  = "public"
      + id                                 = (known after apply)
      + network_interface_id               = (known after apply)
      + private_ip                         = (known after apply)
      + public_ip                          = (known after apply)
      + secondary_private_ip_address_count = (known after apply)
      + secondary_private_ip_addresses     = (known after apply)
      + subnet_id                          = (known after apply)
      + tags                               = {
          + "Name" = "http-echo-dev-nat-us-east-1b"
        }
      + tags_all                           = {
          + "Environment" = "dev"
          + "ManagedBy"   = "terraform"
          + "Name"        = "http-echo-dev-nat-us-east-1b"
          + "Project"     = "http-echo"
        }
    }

  # aws_route.private_default["us-east-1a"] will be created
  + resource "aws_route" "private_default" {
      + destination_cidr_block = "0.0.0.0/0"
      + id                     = (known after apply)
      + instance_id            = (known after apply)
      + instance_owner_id      = (known after apply)
      + nat_gateway_id         = (known after apply)
      + network_interface_id   = (known after apply)
      + origin                 = (known after apply)
      + route_table_id         = (known after apply)
      + state                  = (known after apply)
    }

  # aws_route.private_default["us-east-1b"] will be created
  + resource "aws_route" "private_default" {
      + destination_cidr_block = "0.0.0.0/0"
      + id                     = (known after apply)
      + instance_id            = (known after apply)
      + instance_owner_id      = (known after apply)
      + nat_gateway_id         = (known after apply)
      + network_interface_id   = (known after apply)
      + origin                 = (known after apply)
      + route_table_id         = (known after apply)
      + state                  = (known after apply)
    }

  # aws_route.public_inet will be created
  + resource "aws_route" "public_inet" {
      + destination_cidr_block = "0.0.0.0/0"
      + gateway_id             = (known after apply)
      + id                     = (known after apply)
      + instance_id            = (known after apply)
      + instance_owner_id      = (known after apply)
      + network_interface_id   = (known after apply)
      + origin                 = (known after apply)
      + route_table_id         = (known after apply)
      + state                  = (known after apply)
    }

  # aws_route_table.private["us-east-1a"] will be created
  + resource "aws_route_table" "private" {
      + arn              = (known after apply)
      + id               = (known after apply)
      + owner_id         = (known after apply)
      + propagating_vgws = (known after apply)
      + route            = (known after apply)
      + tags             = {
          + "Name" = "http-echo-dev-private-rt-us-east-1a"
        }
      + tags_all         = {
          + "Environment" = "dev"
          + "ManagedBy"   = "terraform"
          + "Name"        = "http-echo-dev-private-rt-us-east-1a"
          + "Project"     = "http-echo"
        }
      + vpc_id           = (known after apply)
    }

  # aws_route_table.private["us-east-1b"] will be created
  + resource "aws_route_table" "private" {
      + arn              = (known after apply)
      + id               = (known after apply)
      + owner_id         = (known after apply)
      + propagating_vgws = (known after apply)
      + route            = (known after apply)
      + tags             = {
          + "Name" = "http-echo-dev-private-rt-us-east-1b"
        }
      + tags_all         = {
          + "Environment" = "dev"
          + "ManagedBy"   = "terraform"
          + "Name"        = "http-echo-dev-private-rt-us-east-1b"
          + "Project"     = "http-echo"
        }
      + vpc_id           = (known after apply)
    }

  # aws_route_table.public will be created
  + resource "aws_route_table" "public" {
      + arn              = (known after apply)
      + id               = (known after apply)
      + owner_id         = (known after apply)
      + propagating_vgws = (known after apply)
      + route            = (known after apply)
      + tags             = {
          + "Name" = "http-echo-dev-public-rt"
        }
      + tags_all         = {
          + "Environment" = "dev"
          + "ManagedBy"   = "terraform"
          + "Name"        = "http-echo-dev-public-rt"
          + "Project"     = "http-echo"
        }
      + vpc_id           = (known after apply)
    }

  # aws_route_table_association.private["us-east-1a"] will be created
  + resource "aws_route_table_association" "private" {
      + id             = (known after apply)
      + route_table_id = (known after apply)
      + subnet_id      = (known after apply)
    }

  # aws_route_table_association.private["us-east-1b"] will be created
  + resource "aws_route_table_association" "private" {
      + id             = (known after apply)
      + route_table_id = (known after apply)
      + subnet_id      = (known after apply)
    }

  # aws_route_table_association.public["us-east-1a"] will be created
  + resource "aws_route_table_association" "public" {
      + id             = (known after apply)
      + route_table_id = (known after apply)
      + subnet_id      = (known after apply)
    }

  # aws_route_table_association.public["us-east-1b"] will be created
  + resource "aws_route_table_association" "public" {
      + id             = (known after apply)
      + route_table_id = (known after apply)
      + subnet_id      = (known after apply)
    }

  # aws_security_group.alb will be created
  + resource "aws_security_group" "alb" {
      + arn                    = (known after apply)
      + description            = "ALB security group"
      + egress                 = [
          + {
              + cidr_blocks      = [
                  + "0.0.0.0/0",
                ]
              + from_port        = 0
              + ipv6_cidr_blocks = []
              + prefix_list_ids  = []
              + protocol         = "-1"
              + security_groups  = []
              + self             = false
              + to_port          = 0
                # (1 unchanged attribute hidden)
            },
        ]
      + id                     = (known after apply)
      + ingress                = [
          + {
              + cidr_blocks      = [
                  + "0.0.0.0/0",
                ]
              + description      = "HTTP"
              + from_port        = 80
              + ipv6_cidr_blocks = []
              + prefix_list_ids  = []
              + protocol         = "tcp"
              + security_groups  = []
              + self             = false
              + to_port          = 80
            },
          + {
              + cidr_blocks      = [
                  + "0.0.0.0/0",
                ]
              + description      = "HTTPS"
              + from_port        = 443
              + ipv6_cidr_blocks = []
              + prefix_list_ids  = []
              + protocol         = "tcp"
              + security_groups  = []
              + self             = false
              + to_port          = 443
            },
        ]
      + name                   = "http-echo-dev-alb"
      + name_prefix            = (known after apply)
      + owner_id               = (known after apply)
      + revoke_rules_on_delete = false
      + tags                   = {
          + "Name" = "http-echo-dev-alb"
        }
      + tags_all               = {
          + "Environment" = "dev"
          + "ManagedBy"   = "terraform"
          + "Name"        = "http-echo-dev-alb"
          + "Project"     = "http-echo"
        }
      + vpc_id                 = (known after apply)
    }

  # aws_security_group.ecs_tasks will be created
  + resource "aws_security_group" "ecs_tasks" {
      + arn                    = (known after apply)
      + description            = "ECS tasks security group"
      + egress                 = [
          + {
              + cidr_blocks      = [
                  + "0.0.0.0/0",
                ]
              + from_port        = 0
              + ipv6_cidr_blocks = []
              + prefix_list_ids  = []
              + protocol         = "-1"
              + security_groups  = []
              + self             = false
              + to_port          = 0
                # (1 unchanged attribute hidden)
            },
        ]
      + id                     = (known after apply)
      + ingress                = [
          + {
              + cidr_blocks      = []
              + description      = "App port from ALB"
              + from_port        = 5678
              + ipv6_cidr_blocks = []
              + prefix_list_ids  = []
              + protocol         = "tcp"
              + security_groups  = (known after apply)
              + self             = false
              + to_port          = 5678
            },
        ]
      + name                   = "http-echo-dev-ecs-tasks"
      + name_prefix            = (known after apply)
      + owner_id               = (known after apply)
      + revoke_rules_on_delete = false
      + tags                   = {
          + "Name" = "http-echo-dev-ecs-tasks"
        }
      + tags_all               = {
          + "Environment" = "dev"
          + "ManagedBy"   = "terraform"
          + "Name"        = "http-echo-dev-ecs-tasks"
          + "Project"     = "http-echo"
        }
      + vpc_id                 = (known after apply)
    }

  # aws_security_group.vpce will be created
  + resource "aws_security_group" "vpce" {
      + arn                    = (known after apply)
      + description            = "Security group for interface VPC endpoints"
      + egress                 = [
          + {
              + cidr_blocks      = [
                  + "0.0.0.0/0",
                ]
              + from_port        = 0
              + ipv6_cidr_blocks = []
              + prefix_list_ids  = []
              + protocol         = "-1"
              + security_groups  = []
              + self             = false
              + to_port          = 0
                # (1 unchanged attribute hidden)
            },
        ]
      + id                     = (known after apply)
      + ingress                = [
          + {
              + cidr_blocks      = [
                  + "10.0.0.0/16",
                ]
              + description      = "HTTPS from VPC"
              + from_port        = 443
              + ipv6_cidr_blocks = []
              + prefix_list_ids  = []
              + protocol         = "tcp"
              + security_groups  = []
              + self             = false
              + to_port          = 443
            },
        ]
      + name                   = "http-echo-dev-vpce"
      + name_prefix            = (known after apply)
      + owner_id               = (known after apply)
      + revoke_rules_on_delete = false
      + tags                   = {
          + "Name" = "http-echo-dev-vpce"
        }
      + tags_all               = {
          + "Environment" = "dev"
          + "ManagedBy"   = "terraform"
          + "Name"        = "http-echo-dev-vpce"
          + "Project"     = "http-echo"
        }
      + vpc_id                 = (known after apply)
    }

  # aws_subnet.private["us-east-1a"] will be created
  + resource "aws_subnet" "private" {
      + arn                                            = (known after apply)
      + assign_ipv6_address_on_creation                = false
      + availability_zone                              = "us-east-1a"
      + availability_zone_id                           = (known after apply)
      + cidr_block                                     = "10.0.10.0/24"
      + enable_dns64                                   = false
      + enable_resource_name_dns_a_record_on_launch    = false
      + enable_resource_name_dns_aaaa_record_on_launch = false
      + id                                             = (known after apply)
      + ipv6_cidr_block_association_id                 = (known after apply)
      + ipv6_native                                    = false
      + map_public_ip_on_launch                        = false
      + owner_id                                       = (known after apply)
      + private_dns_hostname_type_on_launch            = (known after apply)
      + tags                                           = {
          + "Name" = "http-echo-dev-private-us-east-1a"
          + "Tier" = "private"
        }
      + tags_all                                       = {
          + "Environment" = "dev"
          + "ManagedBy"   = "terraform"
          + "Name"        = "http-echo-dev-private-us-east-1a"
          + "Project"     = "http-echo"
          + "Tier"        = "private"
        }
      + vpc_id                                         = (known after apply)
    }

  # aws_subnet.private["us-east-1b"] will be created
  + resource "aws_subnet" "private" {
      + arn                                            = (known after apply)
      + assign_ipv6_address_on_creation                = false
      + availability_zone                              = "us-east-1b"
      + availability_zone_id                           = (known after apply)
      + cidr_block                                     = "10.0.11.0/24"
      + enable_dns64                                   = false
      + enable_resource_name_dns_a_record_on_launch    = false
      + enable_resource_name_dns_aaaa_record_on_launch = false
      + id                                             = (known after apply)
      + ipv6_cidr_block_association_id                 = (known after apply)
      + ipv6_native                                    = false
      + map_public_ip_on_launch                        = false
      + owner_id                                       = (known after apply)
      + private_dns_hostname_type_on_launch            = (known after apply)
      + tags                                           = {
          + "Name" = "http-echo-dev-private-us-east-1b"
          + "Tier" = "private"
        }
      + tags_all                                       = {
          + "Environment" = "dev"
          + "ManagedBy"   = "terraform"
          + "Name"        = "http-echo-dev-private-us-east-1b"
          + "Project"     = "http-echo"
          + "Tier"        = "private"
        }
      + vpc_id                                         = (known after apply)
    }

  # aws_subnet.public["us-east-1a"] will be created
  + resource "aws_subnet" "public" {
      + arn                                            = (known after apply)
      + assign_ipv6_address_on_creation                = false
      + availability_zone                              = "us-east-1a"
      + availability_zone_id                           = (known after apply)
      + cidr_block                                     = "10.0.0.0/24"
      + enable_dns64                                   = false
      + enable_resource_name_dns_a_record_on_launch    = false
      + enable_resource_name_dns_aaaa_record_on_launch = false
      + id                                             = (known after apply)
      + ipv6_cidr_block_association_id                 = (known after apply)
      + ipv6_native                                    = false
      + map_public_ip_on_launch                        = true
      + owner_id                                       = (known after apply)
      + private_dns_hostname_type_on_launch            = (known after apply)
      + tags                                           = {
          + "Name" = "http-echo-dev-public-us-east-1a"
          + "Tier" = "public"
        }
      + tags_all                                       = {
          + "Environment" = "dev"
          + "ManagedBy"   = "terraform"
          + "Name"        = "http-echo-dev-public-us-east-1a"
          + "Project"     = "http-echo"
          + "Tier"        = "public"
        }
      + vpc_id                                         = (known after apply)
    }

  # aws_subnet.public["us-east-1b"] will be created
  + resource "aws_subnet" "public" {
      + arn                                            = (known after apply)
      + assign_ipv6_address_on_creation                = false
      + availability_zone                              = "us-east-1b"
      + availability_zone_id                           = (known after apply)
      + cidr_block                                     = "10.0.1.0/24"
      + enable_dns64                                   = false
      + enable_resource_name_dns_a_record_on_launch    = false
      + enable_resource_name_dns_aaaa_record_on_launch = false
      + id                                             = (known after apply)
      + ipv6_cidr_block_association_id                 = (known after apply)
      + ipv6_native                                    = false
      + map_public_ip_on_launch                        = true
      + owner_id                                       = (known after apply)
      + private_dns_hostname_type_on_launch            = (known after apply)
      + tags                                           = {
          + "Name" = "http-echo-dev-public-us-east-1b"
          + "Tier" = "public"
        }
      + tags_all                                       = {
          + "Environment" = "dev"
          + "ManagedBy"   = "terraform"
          + "Name"        = "http-echo-dev-public-us-east-1b"
          + "Project"     = "http-echo"
          + "Tier"        = "public"
        }
      + vpc_id                                         = (known after apply)
    }

  # aws_vpc.this will be created
  + resource "aws_vpc" "this" {
      + arn                                  = (known after apply)
      + cidr_block                           = "10.0.0.0/16"
      + default_network_acl_id               = (known after apply)
      + default_route_table_id               = (known after apply)
      + default_security_group_id            = (known after apply)
      + dhcp_options_id                      = (known after apply)
      + enable_dns_hostnames                 = true
      + enable_dns_support                   = true
      + enable_network_address_usage_metrics = (known after apply)
      + id                                   = (known after apply)
      + instance_tenancy                     = "default"
      + ipv6_association_id                  = (known after apply)
      + ipv6_cidr_block                      = (known after apply)
      + ipv6_cidr_block_network_border_group = (known after apply)
      + main_route_table_id                  = (known after apply)
      + owner_id                             = (known after apply)
      + tags                                 = {
          + "Name" = "http-echo-dev"
        }
      + tags_all                             = {
          + "Environment" = "dev"
          + "ManagedBy"   = "terraform"
          + "Name"        = "http-echo-dev"
          + "Project"     = "http-echo"
        }
    }

  # aws_vpc_endpoint.ecr_api will be created
  + resource "aws_vpc_endpoint" "ecr_api" {
      + arn                   = (known after apply)
      + cidr_blocks           = (known after apply)
      + dns_entry             = (known after apply)
      + id                    = (known after apply)
      + ip_address_type       = (known after apply)
      + network_interface_ids = (known after apply)
      + owner_id              = (known after apply)
      + policy                = (known after apply)
      + prefix_list_id        = (known after apply)
      + private_dns_enabled   = true
      + requester_managed     = (known after apply)
      + route_table_ids       = (known after apply)
      + security_group_ids    = (known after apply)
      + service_name          = "com.amazonaws.us-east-1.ecr.api"
      + service_region        = (known after apply)
      + state                 = (known after apply)
      + subnet_ids            = (known after apply)
      + tags                  = {
          + "Name" = "http-echo-dev-ecr-api"
        }
      + tags_all              = {
          + "Environment" = "dev"
          + "ManagedBy"   = "terraform"
          + "Name"        = "http-echo-dev-ecr-api"
          + "Project"     = "http-echo"
        }
      + vpc_endpoint_type     = "Interface"
      + vpc_id                = (known after apply)

      + dns_options (known after apply)

      + subnet_configuration (known after apply)
    }

  # aws_vpc_endpoint.ecr_dkr will be created
  + resource "aws_vpc_endpoint" "ecr_dkr" {
      + arn                   = (known after apply)
      + cidr_blocks           = (known after apply)
      + dns_entry             = (known after apply)
      + id                    = (known after apply)
      + ip_address_type       = (known after apply)
      + network_interface_ids = (known after apply)
      + owner_id              = (known after apply)
      + policy                = (known after apply)
      + prefix_list_id        = (known after apply)
      + private_dns_enabled   = true
      + requester_managed     = (known after apply)
      + route_table_ids       = (known after apply)
      + security_group_ids    = (known after apply)
      + service_name          = "com.amazonaws.us-east-1.ecr.dkr"
      + service_region        = (known after apply)
      + state                 = (known after apply)
      + subnet_ids            = (known after apply)
      + tags                  = {
          + "Name" = "http-echo-dev-ecr-dkr"
        }
      + tags_all              = {
          + "Environment" = "dev"
          + "ManagedBy"   = "terraform"
          + "Name"        = "http-echo-dev-ecr-dkr"
          + "Project"     = "http-echo"
        }
      + vpc_endpoint_type     = "Interface"
      + vpc_id                = (known after apply)

      + dns_options (known after apply)

      + subnet_configuration (known after apply)
    }

  # aws_vpc_endpoint.logs will be created
  + resource "aws_vpc_endpoint" "logs" {
      + arn                   = (known after apply)
      + cidr_blocks           = (known after apply)
      + dns_entry             = (known after apply)
      + id                    = (known after apply)
      + ip_address_type       = (known after apply)
      + network_interface_ids = (known after apply)
      + owner_id              = (known after apply)
      + policy                = (known after apply)
      + prefix_list_id        = (known after apply)
      + private_dns_enabled   = true
      + requester_managed     = (known after apply)
      + route_table_ids       = (known after apply)
      + security_group_ids    = (known after apply)
      + service_name          = "com.amazonaws.us-east-1.logs"
      + service_region        = (known after apply)
      + state                 = (known after apply)
      + subnet_ids            = (known after apply)
      + tags                  = {
          + "Name" = "http-echo-dev-logs"
        }
      + tags_all              = {
          + "Environment" = "dev"
          + "ManagedBy"   = "terraform"
          + "Name"        = "http-echo-dev-logs"
          + "Project"     = "http-echo"
        }
      + vpc_endpoint_type     = "Interface"
      + vpc_id                = (known after apply)

      + dns_options (known after apply)

      + subnet_configuration (known after apply)
    }

  # aws_vpc_endpoint.s3 will be created
  + resource "aws_vpc_endpoint" "s3" {
      + arn                   = (known after apply)
      + cidr_blocks           = (known after apply)
      + dns_entry             = (known after apply)
      + id                    = (known after apply)
      + ip_address_type       = (known after apply)
      + network_interface_ids = (known after apply)
      + owner_id              = (known after apply)
      + policy                = (known after apply)
      + prefix_list_id        = (known after apply)
      + private_dns_enabled   = (known after apply)
      + requester_managed     = (known after apply)
      + route_table_ids       = (known after apply)
      + security_group_ids    = (known after apply)
      + service_name          = "com.amazonaws.us-east-1.s3"
      + service_region        = (known after apply)
      + state                 = (known after apply)
      + subnet_ids            = (known after apply)
      + tags                  = {
          + "Name" = "http-echo-dev-s3"
        }
      + tags_all              = {
          + "Environment" = "dev"
          + "ManagedBy"   = "terraform"
          + "Name"        = "http-echo-dev-s3"
          + "Project"     = "http-echo"
        }
      + vpc_endpoint_type     = "Gateway"
      + vpc_id                = (known after apply)

      + dns_options (known after apply)

      + subnet_configuration (known after apply)
    }

Plan: 39 to add, 0 to change, 0 to destroy.

Changes to Outputs:
  + alb_dns_name           = (known after apply)
  + cluster_name           = "http-echo-dev-cluster"
  + ecr_repository_url     = (known after apply)
  + service_name           = "http-echo-dev-service"
aws_cloudwatch_log_group.app: Creating...
aws_ecr_repository.this: Creating...
aws_iam_role.ecs_task: Creating...
aws_iam_role.ecs_task_execution: Creating...
aws_ecs_cluster.this: Creating...
aws_vpc.this: Creating...
aws_iam_role.ecs_task: Creation complete after 0s [id=http-echo-dev-ecs-task]
aws_iam_role.ecs_task_execution: Creation complete after 0s [id=http-echo-dev-ecs-task-exec]
aws_iam_role_policy_attachment.ecs_task_execution: Creating...
aws_iam_role_policy_attachment.ecs_task_execution: Creation complete after 0s [id=http-echo-dev-ecs-task-exec-20260127092601136100000001]
aws_cloudwatch_log_group.app: Creation complete after 0s [id=/ecs/http-echo-dev]
aws_ecr_repository.this: Creation complete after 2s [id=http-echo]
aws_ecr_lifecycle_policy.this: Creating...
aws_ecs_task_definition.this: Creating...
aws_ecr_lifecycle_policy.this: Creation complete after 0s [id=http-echo]
aws_ecs_task_definition.this: Creation complete after 0s [id=http-echo-dev]
aws_ecs_cluster.this: Still creating... [00m10s elapsed]
aws_vpc.this: Still creating... [00m10s elapsed]
aws_vpc.this: Creation complete after 10s [id=vpc-74788114ad4daa57b]
aws_internet_gateway.this: Creating...
aws_subnet.public["us-east-1a"]: Creating...
aws_subnet.private["us-east-1b"]: Creating...
aws_subnet.private["us-east-1a"]: Creating...
aws_subnet.public["us-east-1b"]: Creating...
aws_route_table.public: Creating...
aws_security_group.vpce: Creating...
aws_security_group.alb: Creating...
aws_lb_target_group.this: Creating...
aws_subnet.private["us-east-1a"]: Creation complete after 0s [id=subnet-17dd02de4fa58bf69]
aws_subnet.private["us-east-1b"]: Creation complete after 0s [id=subnet-941daa2dc5a01016f]
aws_route_table.private["us-east-1a"]: Creating...
aws_route_table.private["us-east-1b"]: Creating...
aws_internet_gateway.this: Creation complete after 0s [id=igw-b31863444ced4f957]
aws_route_table.public: Creation complete after 0s [id=rtb-759003c4b20213618]
aws_route.public_inet: Creating...
aws_route_table.private["us-east-1b"]: Creation complete after 0s [id=rtb-f597dce6d0c8c5322]
aws_route_table.private["us-east-1a"]: Creation complete after 0s [id=rtb-92eaa930975de57bd]
aws_route_table_association.private["us-east-1a"]: Creating...
aws_route_table_association.private["us-east-1b"]: Creating...
aws_vpc_endpoint.s3: Creating...
aws_lb_target_group.this: Creation complete after 0s [id=arn:aws:elasticloadbalancing:us-east-1:000000000000:targetgroup/http-echo-dev-tg/bebbfa6b07b7ca30]
aws_route_table_association.private["us-east-1b"]: Creation complete after 0s [id=rtbassoc-bf8eb87d1271cbd50]
aws_route_table_association.private["us-east-1a"]: Creation complete after 0s [id=rtbassoc-f360c4b058f0ad2f0]
aws_security_group.alb: Creation complete after 0s [id=sg-fc3026647207ec52d]
aws_route.public_inet: Creation complete after 0s [id=r-rtb-759003c4b202136181080289494]
aws_security_group.ecs_tasks: Creating...
aws_security_group.vpce: Creation complete after 0s [id=sg-c1db0ffe99aba3957]
aws_vpc_endpoint.ecr_dkr: Creating...
aws_vpc_endpoint.ecr_api: Creating...
aws_vpc_endpoint.logs: Creating...
aws_ecs_cluster.this: Creation complete after 10s [id=arn:aws:ecs:us-east-1:000000000000:cluster/http-echo-dev-cluster]
aws_security_group.ecs_tasks: Creation complete after 0s [id=sg-a45a44c3a8a5e6d8d]
aws_vpc_endpoint.s3: Creation complete after 5s [id=vpce-2b00dc123d2ee4d9f]
aws_vpc_endpoint.ecr_api: Creation complete after 5s [id=vpce-29ad78a60c1c401fb]
aws_vpc_endpoint.ecr_dkr: Creation complete after 5s [id=vpce-04ea8b29d5e942e37]
aws_vpc_endpoint.logs: Creation complete after 5s [id=vpce-0ba954c5f3de1c6b8]
aws_subnet.public["us-east-1a"]: Still creating... [00m10s elapsed]
aws_subnet.public["us-east-1b"]: Still creating... [00m10s elapsed]
aws_subnet.public["us-east-1a"]: Creation complete after 10s [id=subnet-b58c69f6ef490e3f8]
aws_subnet.public["us-east-1b"]: Creation complete after 10s [id=subnet-ee2b7ba93d7dd2ff1]
aws_route_table_association.public["us-east-1a"]: Creating...
aws_route_table_association.public["us-east-1b"]: Creating...
aws_eip.nat["us-east-1a"]: Creating...
aws_eip.nat["us-east-1b"]: Creating...
aws_lb.this: Creating...
aws_route_table_association.public["us-east-1b"]: Creation complete after 0s [id=rtbassoc-10f487e4206fb1ed6]
aws_route_table_association.public["us-east-1a"]: Creation complete after 0s [id=rtbassoc-20a5d90d6eb7a15ca]
aws_eip.nat["us-east-1a"]: Creation complete after 0s [id=eipalloc-02566a51ece39f535]
aws_eip.nat["us-east-1b"]: Creation complete after 0s [id=eipalloc-0bd1b0cc53c1efed8]
aws_nat_gateway.this["us-east-1a"]: Creating...
aws_nat_gateway.this["us-east-1b"]: Creating...
aws_nat_gateway.this["us-east-1b"]: Creation complete after 0s [id=nat-5f534abf8611e3912]
aws_nat_gateway.this["us-east-1a"]: Creation complete after 0s [id=nat-6d8a0aadf6bef8303]
aws_route.private_default["us-east-1a"]: Creating...
aws_route.private_default["us-east-1b"]: Creating...
aws_route.private_default["us-east-1b"]: Creation complete after 0s [id=r-rtb-f597dce6d0c8c53221080289494]
aws_route.private_default["us-east-1a"]: Creation complete after 0s [id=r-rtb-92eaa930975de57bd1080289494]
aws_lb.this: Still creating... [00m10s elapsed]
aws_lb.this: Still creating... [00m20s elapsed]
aws_lb.this: Still creating... [00m30s elapsed]
aws_lb.this: Still creating... [00m40s elapsed]
aws_lb.this: Still creating... [00m50s elapsed]
aws_lb.this: Still creating... [01m00s elapsed]
aws_lb.this: Creation complete after 1m0s [id=arn:aws:elasticloadbalancing:us-east-1:000000000000:loadbalancer/app/http-echo-dev-alb/b87450caadb25832]
aws_lb_listener.http: Creating...
aws_lb_listener.http: Creation complete after 0s [id=arn:aws:elasticloadbalancing:us-east-1:000000000000:listener/app/http-echo-dev-alb/b87450caadb25832/38e3c1528cb89092]
aws_ecs_service.this: Creating...
aws_ecs_service.this: Still creating... [00m10s elapsed]
aws_ecs_service.this: Still creating... [00m20s elapsed]
aws_ecs_service.this: Still creating... [00m30s elapsed]
aws_ecs_service.this: Still creating... [00m40s elapsed]
aws_ecs_service.this: Creation complete after 42s [id=arn:aws:ecs:us-east-1:000000000000:service/http-echo-dev-cluster/http-echo-dev-service]

Apply complete! Resources: 39 added, 0 changed, 0 destroyed.

Outputs:

alb_dns_name = "http-echo-dev-alb.elb.localhost.localstack.cloud"
cluster_name = "http-echo-dev-cluster"
ecr_repository_url = "000000000000.dkr.ecr.us-east-1.localhost.localstack.cloud:4566/http-echo"
service_name = "http-echo-dev-service"
