{"format_version":"1.2","terraform_version":"1.13.5","variables":{"bucket_name":{"value":"gunjantest"}},"planned_values":{"outputs":{"api_route":{"sensitive":false}},"root_module":{"resources":[{"address":"aws_api_gateway_deployment.deploy","mode":"managed","type":"aws_api_gateway_deployment","name":"deploy","provider_name":"registry.terraform.io/hashicorp/aws","schema_version":0,"values":{"description":null,"stage_description":null,"stage_name":null,"triggers":{"redeployment":"2be88ca4242c76e8253ac62474851065032d6833"},"variables":null},"sensitive_values":{"triggers":{}}},{"address":"aws_api_gateway_integration.folder","mode":"managed","type":"aws_api_gateway_integration","name":"folder","provider_name":"registry.terraform.io/hashicorp/aws","schema_version":0,"values":{"cache_key_parameters":null,"connection_id":null,"connection_type":"INTERNET","content_handling":"CONVERT_TO_TEXT","credentials":null,"http_method":"GET","integration_http_method":"POST","request_parameters":{"integration.request.path.folder":"method.request.path.folder"},"request_templates":null,"timeout_milliseconds":29000,"tls_config":[],"type":"AWS_PROXY"},"sensitive_values":{"request_parameters":{},"tls_config":[]}},{"address":"aws_api_gateway_integration.toplevel","mode":"managed","type":"aws_api_gateway_integration","name":"toplevel","provider_name":"registry.terraform.io/hashicorp/aws","schema_version":0,"values":{"cache_key_parameters":null,"connection_id":null,"connection_type":"INTERNET","content_handling":"CONVERT_TO_TEXT","credentials":null,"http_method":"GET","integration_http_method":"POST","request_parameters":null,"request_templates":null,"timeout_milliseconds":29000,"tls_config":[],"type":"AWS_PROXY"},"sensitive_values":{"tls_config":[]}},{"address":"aws_api_gateway_method.folder","mode":"managed","type":"aws_api_gateway_method","name":"folder","provider_name":"registry.terraform.io/hashicorp/aws","schema_version":0,"values":{"api_key_required":false,"authorization":"NONE","authorization_scopes":null,"authorizer_id":null,"http_method":"GET","operation_name":null,"request_models":null,"request_parameters":{"method.request.path.folder":true},"request_validator_id":null},"sensitive_values":{"request_parameters":{}}},{"address":"aws_api_gateway_method.toplevel","mode":"managed","type":"aws_api_gateway_method","name":"toplevel","provider_name":"registry.terraform.io/hashicorp/aws","schema_version":0,"values":{"api_key_required":false,"authorization":"NONE","authorization_scopes":null,"authorizer_id":null,"http_method":"GET","operation_name":null,"request_models":null,"request_parameters":null,"request_validator_id":null},"sensitive_values":{}},{"address":"aws_api_gateway_resource.folder","mode":"managed","type":"aws_api_gateway_resource","name":"folder","provider_name":"registry.terraform.io/hashicorp/aws","schema_version":0,"values":{"path_part":"{folder+}"},"sensitive_values":{}},{"address":"aws_api_gateway_resource.toplevel","mode":"managed","type":"aws_api_gateway_resource","name":"toplevel","provider_name":"registry.terraform.io/hashicorp/aws","schema_version":0,"values":{"path_part":"list-bucket-content"},"sensitive_values":{}},{"address":"aws_api_gateway_rest_api.gateway_to_lambda","mode":"managed","type":"aws_api_gateway_rest_api","name":"gateway_to_lambda","provider_name":"registry.terraform.io/hashicorp/aws","schema_version":0,"values":{"body":null,"description":"For AWS Lambda","endpoint_configuration":[{"types":["REGIONAL"]}],"fail_on_warnings":null,"name":"s3-bucket-listing","parameters":null,"put_rest_api_mode":null,"tags":null},"sensitive_values":{"binary_media_types":[],"endpoint_configuration":[{"types":[false],"vpc_endpoint_ids":[]}],"tags_all":{}}},{"address":"aws_api_gateway_stage.v1","mode":"managed","type":"aws_api_gateway_stage","name":"v1","provider_name":"registry.terraform.io/hashicorp/aws","schema_version":0,"values":{"access_log_settings":[],"cache_cluster_enabled":null,"cache_cluster_size":null,"canary_settings":[],"client_certificate_id":null,"description":"v1 ; AWS Lambda","documentation_version":null,"stage_name":"v1","tags":null,"variables":null,"xray_tracing_enabled":null},"sensitive_values":{"access_log_settings":[],"canary_settings":[],"tags_all":{}}},{"address":"aws_iam_policy.s3read","mode":"managed","type":"aws_iam_policy","name":"s3read","provider_name":"registry.terraform.io/hashicorp/aws","schema_version":0,"values":{"description":null,"name":"S3ReadAccess","path":"/service-role/","policy":"{\"Statement\":[{\"Action\":[\"s3:GetObject\",\"s3:ListBucket\"],\"Effect\":\"Allow\",\"Resource\":\"arn:aws:s3:::gunjantest\"}],\"Version\":\"2012-10-17\"}","tags":null},"sensitive_values":{"tags_all":{}}},{"address":"aws_iam_role.lambda_role","mode":"managed","type":"aws_iam_role","name":"lambda_role","provider_name":"registry.terraform.io/hashicorp/aws","schema_version":0,"values":{"assume_role_policy":"{\"Statement\":[{\"Action\":\"sts:AssumeRole\",\"Effect\":\"Allow\",\"Principal\":{\"Service\":\"lambda.amazonaws.com\"}}],\"Version\":\"2012-10-17\"}","description":null,"force_detach_policies":false,"max_session_duration":3600,"name":"ro-s3","path":"/service-role/","permissions_boundary":null,"tags":null},"sensitive_values":{"inline_policy":[],"managed_policy_arns":[],"tags_all":{}}},{"address":"aws_iam_role_policy_attachment.lambda_to_log","mode":"managed","type":"aws_iam_role_policy_attachment","name":"lambda_to_log","provider_name":"registry.terraform.io/hashicorp/aws","schema_version":0,"values":{"policy_arn":"arn:aws:iam::aws:policy/service-role/AWSLambdaBasicExecutionRole","role":"ro-s3"},"sensitive_values":{}},{"address":"aws_iam_role_policy_attachment.lambda_to_s3","mode":"managed","type":"aws_iam_role_policy_attachment","name":"lambda_to_s3","provider_name":"registry.terraform.io/hashicorp/aws","schema_version":0,"values":{"role":"ro-s3"},"sensitive_values":{}},{"address":"aws_lambda_function.bucket_listing","mode":"managed","type":"aws_lambda_function","name":"bucket_listing","provider_name":"registry.terraform.io/hashicorp/aws","schema_version":0,"values":{"code_signing_config_arn":null,"dead_letter_config":[],"description":"to list contents of S3 bucket like filesystem ls","environment":[{"variables":{"BUCKET_NAME":"gunjantest"}}],"file_system_config":[],"filename":"./lambda_function.zip","function_name":"s3-bucket-listing","handler":"lambda_function.lambda_handler","image_config":[],"image_uri":null,"kms_key_arn":null,"layers":null,"logging_config":[{"application_log_level":null,"log_format":"Text","log_group":"/aws/lambda/s3-bucket-listing","system_log_level":null}],"memory_size":128,"package_type":"Zip","publish":false,"replace_security_groups_on_destroy":null,"replacement_security_group_ids":null,"reserved_concurrent_executions":-1,"runtime":"python3.10","s3_bucket":null,"s3_key":null,"s3_object_version":null,"skip_destroy":false,"snap_start":[],"source_code_hash":"DGQDmAQhPbzC6+aeIPBjXT+VSkyWHicrjmWl8dW4HAs=","tags":null,"timeout":3,"timeouts":null,"tracing_config":[{"mode":"PassThrough"}],"vpc_config":[]},"sensitive_values":{"architectures":[],"dead_letter_config":[],"environment":[{"variables":{}}],"ephemeral_storage":[],"file_system_config":[],"image_config":[],"logging_config":[{}],"snap_start":[],"tags_all":{},"tracing_config":[{}],"vpc_config":[]}},{"address":"aws_lambda_permission.folder","mode":"managed","type":"aws_lambda_permission","name":"folder","provider_name":"registry.terraform.io/hashicorp/aws","schema_version":0,"values":{"action":"lambda:InvokeFunction","event_source_token":null,"function_name":"s3-bucket-listing","function_url_auth_type":null,"principal":"apigateway.amazonaws.com","principal_org_id":null,"qualifier":null,"source_account":null},"sensitive_values":{}},{"address":"aws_lambda_permission.toplevel","mode":"managed","type":"aws_lambda_permission","name":"toplevel","provider_name":"registry.terraform.io/hashicorp/aws","schema_version":0,"values":{"action":"lambda:InvokeFunction","event_source_token":null,"function_name":"s3-bucket-listing","function_url_auth_type":null,"principal":"apigateway.amazonaws.com","principal_org_id":null,"qualifier":null,"source_account":null},"sensitive_values":{}},{"address":"aws_s3_bucket.gunjantest","mode":"managed","type":"aws_s3_bucket","name":"gunjantest","provider_name":"registry.terraform.io/hashicorp/aws","schema_version":0,"values":{"bucket":"gunjantest","force_destroy":false,"tags":null,"timeouts":null},"sensitive_values":{"cors_rule":[],"grant":[],"lifecycle_rule":[],"logging":[],"object_lock_configuration":[],"replication_configuration":[],"server_side_encryption_configuration":[],"tags_all":{},"versioning":[],"website":[]}}]}},"resource_changes":[{"address":"aws_api_gateway_deployment.deploy","mode":"managed","type":"aws_api_gateway_deployment","name":"deploy","provider_name":"registry.terraform.io/hashicorp/aws","change":{"actions":["create"],"before":null,"after":{"description":null,"stage_description":null,"stage_name":null,"triggers":{"redeployment":"2be88ca4242c76e8253ac62474851065032d6833"},"variables":null},"after_unknown":{"created_date":true,"execution_arn":true,"id":true,"invoke_url":true,"rest_api_id":true,"triggers":{}},"before_sensitive":false,"after_sensitive":{"triggers":{}}}},{"address":"aws_api_gateway_integration.folder","mode":"managed","type":"aws_api_gateway_integration","name":"folder","provider_name":"registry.terraform.io/hashicorp/aws","change":{"actions":["create"],"before":null,"after":{"cache_key_parameters":null,"connection_id":null,"connection_type":"INTERNET","content_handling":"CONVERT_TO_TEXT","credentials":null,"http_method":"GET","integration_http_method":"POST","request_parameters":{"integration.request.path.folder":"method.request.path.folder"},"request_templates":null,"timeout_milliseconds":29000,"tls_config":[],"type":"AWS_PROXY"},"after_unknown":{"cache_namespace":true,"id":true,"passthrough_behavior":true,"request_parameters":{},"resource_id":true,"rest_api_id":true,"tls_config":[],"uri":true},"before_sensitive":false,"after_sensitive":{"request_parameters":{},"tls_config":[]}}},{"address":"aws_api_gateway_integration.toplevel","mode":"managed","type":"aws_api_gateway_integration","name":"toplevel","provider_name":"registry.terraform.io/hashicorp/aws","change":{"actions":["create"],"before":null,"after":{"cache_key_parameters":null,"connection_id":null,"connection_type":"INTERNET","content_handling":"CONVERT_TO_TEXT","credentials":null,"http_method":"GET","integration_http_method":"POST","request_parameters":null,"request_templates":null,"timeout_milliseconds":29000,"tls_config":[],"type":"AWS_PROXY"},"after_unknown":{"cache_namespace":true,"id":true,"passthrough_behavior":true,"resource_id":true,"rest_api_id":true,"tls_config":[],"uri":true},"before_sensitive":false,"after_sensitive":{"tls_config":[]}}},{"address":"aws_api_gateway_method.folder","mode":"managed","type":"aws_api_gateway_method","name":"folder","provider_name":"registry.terraform.io/hashicorp/aws","change":{"actions":["create"],"before":null,"after":{"api_key_required":false,"authorization":"NONE","authorization_scopes":null,"authorizer_id":null,"http_method":"GET","operation_name":null,"request_models":null,"request_parameters":{"method.request.path.folder":true},"request_validator_id":null},"after_unknown":{"id":true,"request_parameters":{},"resource_id":true,"rest_api_id":true},"before_sensitive":false,"after_sensitive":{"request_parameters":{}}}},{"address":"aws_api_gateway_method.toplevel","mode":"managed","type":"aws_api_gateway_method","name":"toplevel","provider_name":"registry.terraform.io/hashicorp/aws","change":{"actions":["create"],"before":null,"after":{"api_key_required":false,"authorization":"NONE","authorization_scopes":null,"authorizer_id":null,"http_method":"GET","operation_name":null,"request_models":null,"request_parameters":null,"request_validator_id":null},"after_unknown":{"id":true,"resource_id":true,"rest_api_id":true},"before_sensitive":false,"after_sensitive":{}}},{"address":"aws_api_gateway_resource.folder","mode":"managed","type":"aws_api_gateway_resource","name":"folder","provider_name":"registry.terraform.io/hashicorp/aws","change":{"actions":["create"],"before":null,"after":{"path_part":"{folder+}"},"after_unknown":{"id":true,"parent_id":true,"path":true,"rest_api_id":true},"before_sensitive":false,"after_sensitive":{}}},{"address":"aws_api_gateway_resource.toplevel","mode":"managed","type":"aws_api_gateway_resource","name":"toplevel","provider_name":"registry.terraform.io/hashicorp/aws","change":{"actions":["create"],"before":null,"after":{"path_part":"list-bucket-content"},"after_unknown":{"id":true,"parent_id":true,"path":true,"rest_api_id":true},"before_sensitive":false,"after_sensitive":{}}},{"address":"aws_api_gateway_rest_api.gateway_to_lambda","mode":"managed","type":"aws_api_gateway_rest_api","name":"gateway_to_lambda","provider_name":"registry.terraform.io/hashicorp/aws","change":{"actions":["create"],"before":null,"after":{"body":null,"description":"For AWS Lambda","endpoint_configuration":[{"types":["REGIONAL"]}],"fail_on_warnings":null,"name":"s3-bucket-listing","parameters":null,"put_rest_api_mode":null,"tags":null},"after_unknown":{"api_key_source":true,"arn":true,"binary_media_types":true,"created_date":true,"disable_execute_api_endpoint":true,"endpoint_configuration":[{"types":[false],"vpc_endpoint_ids":true}],"execution_arn":true,"id":true,"minimum_compression_size":true,"policy":true,"root_resource_id":true,"tags_all":true},"before_sensitive":false,"after_sensitive":{"binary_media_types":[],"endpoint_configuration":[{"types":[false],"vpc_endpoint_ids":[]}],"tags_all":{}}}},{"address":"aws_api_gateway_stage.v1","mode":"managed","type":"aws_api_gateway_stage","name":"v1","provider_name":"registry.terraform.io/hashicorp/aws","change":{"actions":["create"],"before":null,"after":{"access_log_settings":[],"cache_cluster_enabled":null,"cache_cluster_size":null,"canary_settings":[],"client_certificate_id":null,"description":"v1 ; AWS Lambda","documentation_version":null,"stage_name":"v1","tags":null,"variables":null,"xray_tracing_enabled":null},"after_unknown":{"access_log_settings":[],"arn":true,"canary_settings":[],"deployment_id":true,"execution_arn":true,"id":true,"invoke_url":true,"rest_api_id":true,"tags_all":true,"web_acl_arn":true},"before_sensitive":false,"after_sensitive":{"access_log_settings":[],"canary_settings":[],"tags_all":{}}}},{"address":"aws_iam_policy.s3read","mode":"managed","type":"aws_iam_policy","name":"s3read","provider_name":"registry.terraform.io/hashicorp/aws","change":{"actions":["create"],"before":null,"after":{"description":null,"name":"S3ReadAccess","path":"/service-role/","policy":"{\"Statement\":[{\"Action\":[\"s3:GetObject\",\"s3:ListBucket\"],\"Effect\":\"Allow\",\"Resource\":\"arn:aws:s3:::gunjantest\"}],\"Version\":\"2012-10-17\"}","tags":null},"after_unknown":{"arn":true,"attachment_count":true,"id":true,"name_prefix":true,"policy_id":true,"tags_all":true},"before_sensitive":false,"after_sensitive":{"tags_all":{}}}},{"address":"aws_iam_role.lambda_role","mode":"managed","type":"aws_iam_role","name":"lambda_role","provider_name":"registry.terraform.io/hashicorp/aws","change":{"actions":["create"],"before":null,"after":{"assume_role_policy":"{\"Statement\":[{\"Action\":\"sts:AssumeRole\",\"Effect\":\"Allow\",\"Principal\":{\"Service\":\"lambda.amazonaws.com\"}}],\"Version\":\"2012-10-17\"}","description":null,"force_detach_policies":false,"max_session_duration":3600,"name":"ro-s3","path":"/service-role/","permissions_boundary":null,"tags":null},"after_unknown":{"arn":true,"create_date":true,"id":true,"inline_policy":true,"managed_policy_arns":true,"name_prefix":true,"tags_all":true,"unique_id":true},"before_sensitive":false,"after_sensitive":{"inline_policy":[],"managed_policy_arns":[],"tags_all":{}}}},{"address":"aws_iam_role_policy_attachment.lambda_to_log","mode":"managed","type":"aws_iam_role_policy_attachment","name":"lambda_to_log","provider_name":"registry.terraform.io/hashicorp/aws","change":{"actions":["create"],"before":null,"after":{"policy_arn":"arn:aws:iam::aws:policy/service-role/AWSLambdaBasicExecutionRole","role":"ro-s3"},"after_unknown":{"id":true},"before_sensitive":false,"after_sensitive":{}}},{"address":"aws_iam_role_policy_attachment.lambda_to_s3","mode":"managed","type":"aws_iam_role_policy_attachment","name":"lambda_to_s3","provider_name":"registry.terraform.io/hashicorp/aws","change":{"actions":["create"],"before":null,"after":{"role":"ro-s3"},"after_unknown":{"id":true,"policy_arn":true},"before_sensitive":false,"after_sensitive":{}}},{"address":"aws_lambda_function.bucket_listing","mode":"managed","type":"aws_lambda_function","name":"bucket_listing","provider_name":"registry.terraform.io/hashicorp/aws","change":{"actions":["create"],"before":null,"after":{"code_signing_config_arn":null,"dead_letter_config":[],"description":"to list contents of S3 bucket like filesystem ls","environment":[{"variables":{"BUCKET_NAME":"gunjantest"}}],"file_system_config":[],"filename":"./lambda_function.zip","function_name":"s3-bucket-listing","handler":"lambda_function.lambda_handler","image_config":[],"image_uri":null,"kms_key_arn":null,"layers":null,"logging_config":[{"application_log_level":null,"log_format":"Text","log_group":"/aws/lambda/s3-bucket-listing","system_log_level":null}],"memory_size":128,"package_type":"Zip","publish":false,"replace_security_groups_on_destroy":null,"replacement_security_group_ids":null,"reserved_concurrent_executions":-1,"runtime":"python3.10","s3_bucket":null,"s3_key":null,"s3_object_version":null,"skip_destroy":false,"snap_start":[],"source_code_hash":"DGQDmAQhPbzC6+aeIPBjXT+VSkyWHicrjmWl8dW4HAs=","tags":null,"timeout":3,"timeouts":null,"tracing_config":[{"mode":"PassThrough"}],"vpc_config":[]},"after_unknown":{"architectures":true,"arn":true,"dead_letter_config":[],"environment":[{"variables":{}}],"ephemeral_storage":true,"file_system_config":[],"id":true,"image_config":[],"invoke_arn":true,"last_modified":true,"logging_config":[{}],"qualified_arn":true,"qualified_invoke_arn":true,"role":true,"signing_job_arn":true,"signing_profile_version_arn":true,"snap_start":[],"source_code_size":true,"tags_all":true,"tracing_config":[{}],"version":true,"vpc_config":[]},"before_sensitive":false,"after_sensitive":{"architectures":[],"dead_letter_config":[],"environment":[{"variables":{}}],"ephemeral_storage":[],"file_system_config":[],"image_config":[],"logging_config":[{}],"snap_start":[],"tags_all":{},"tracing_config":[{}],"vpc_config":[]}}},{"address":"aws_lambda_permission.folder","mode":"managed","type":"aws_lambda_permission","name":"folder","provider_name":"registry.terraform.io/hashicorp/aws","change":{"actions":["create"],"before":null,"after":{"action":"lambda:InvokeFunction","event_source_token":null,"function_name":"s3-bucket-listing","function_url_auth_type":null,"principal":"apigateway.amazonaws.com","principal_org_id":null,"qualifier":null,"source_account":null},"after_unknown":{"id":true,"source_arn":true,"statement_id":true,"statement_id_prefix":true},"before_sensitive":false,"after_sensitive":{}}},{"address":"aws_lambda_permission.toplevel","mode":"managed","type":"aws_lambda_permission","name":"toplevel","provider_name":"registry.terraform.io/hashicorp/aws","change":{"actions":["create"],"before":null,"after":{"action":"lambda:InvokeFunction","event_source_token":null,"function_name":"s3-bucket-listing","function_url_auth_type":null,"principal":"apigateway.amazonaws.com","principal_org_id":null,"qualifier":null,"source_account":null},"after_unknown":{"id":true,"source_arn":true,"statement_id":true,"statement_id_prefix":true},"before_sensitive":false,"after_sensitive":{}}},{"address":"aws_s3_bucket.gunjantest","mode":"managed","type":"aws_s3_bucket","name":"gunjantest","provider_name":"registry.terraform.io/hashicorp/aws","change":{"actions":["create"],"before":null,"after":{"bucket":"gunjantest","force_destroy":false,"tags":null,"timeouts":null},"after_unknown":{"acceleration_status":true,"acl":true,"arn":true,"bucket_domain_name":true,"bucket_prefix":true,"bucket_regional_domain_name":true,"cors_rule":true,"grant":true,"hosted_zone_id":true,"id":true,"lifecycle_rule":true,"logging":true,"object_lock_configuration":true,"object_lock_enabled":true,"policy":true,"region":true,"replication_configuration":true,"request_payer":true,"server_side_encryption_configuration":true,"tags_all":true,"versioning":true,"website":true,"website_domain":true,"website_endpoint":true},"before_sensitive":false,"after_sensitive":{"cors_rule":[],"grant":[],"lifecycle_rule":[],"logging":[],"object_lock_configuration":[],"replication_configuration":[],"server_side_encryption_configuration":[],"tags_all":{},"versioning":[],"website":[]}}}],"output_changes":{"api_route":{"actions":["create"],"before":null,"after_unknown":true,"before_sensitive":false,"after_sensitive":false}},"prior_state":{"format_version":"1.0","terraform_version":"1.13.5","values":{"root_module":{"resources":[{"address":"data.archive_file.lambda_dummy","mode":"data","type":"archive_file","name":"lambda_dummy","provider_name":"registry.terraform.io/hashicorp/archive","schema_version":0,"values":{"exclude_symlink_directories":null,"excludes":null,"id":"58e93fade67637870be5af38eff8d5aa66c7da49","output_base64sha256":"wmbalFzzY/wG3ivChKElOZB3+B4gptmQyIat05p+fU4=","output_base64sha512":"BQYAg1LwEY4tDmry1VoRx6StX0vjH+7LpfB5KAZLVvfJQjioPbBv1QxI6QF6P2U614fU3h9XKBCb9z5Y1ornqA==","output_file_mode":null,"output_md5":"a0dbd832a6a977d6d5b28ea5c85e30fb","output_path":"./.dummy/lambda.zip","output_sha":"58e93fade67637870be5af38eff8d5aa66c7da49","output_sha256":"c266da945cf363fc06de2bc284a125399077f81e20a6d990c886add39a7e7d4e","output_sha512":"0506008352f0118e2d0e6af2d55a11c7a4ad5f4be31feecba5f07928064b56f7c94238a83db06fd50c48e9017a3f653ad787d4de1f5728109bf73e58d68ae7a8","output_size":246,"source":[{"content":"exports.handler = async (event) =\u003e {\n  console.log(\"Dummy lambda invoked\");\n  return { statusCode: 200, body: \"dummy\" };\n};\n","filename":"index.js"}],"source_content":null,"source_content_filename":null,"source_dir":null,"source_file":null,"type":"zip"},"sensitive_values":{"source":[{}]}},{"address":"data.archive_file.zipped_code","mode":"data","type":"archive_file","name":"zipped_code","provider_name":"registry.terraform.io/hashicorp/archive","schema_version":0,"values":{"exclude_symlink_directories":null,"excludes":null,"id":"c65d00c14c67da2f27d3e55c8f3850b877d20f12","output_base64sha256":"DGQDmAQhPbzC6+aeIPBjXT+VSkyWHicrjmWl8dW4HAs=","output_base64sha512":"Ie1ciJ451Qa6cHj7N74g+O5pChGJ7G46ZUg2C2sCA51bVi33OctdN9TKIqir3GDUvKfRkGB44HArZEBCNkuA2w==","output_file_mode":null,"output_md5":"d54e8fff326af7bbbbaa94be68ffb8a2","output_path":"./lambda_function.zip","output_sha":"c65d00c14c67da2f27d3e55c8f3850b877d20f12","output_sha256":"0c64039804213dbcc2ebe69e20f0635d3f954a4c961e272b8e65a5f1d5b81c0b","output_sha512":"21ed5c889e39d506ba7078fb37be20f8ee690a1189ec6e3a6548360b6b02039d5b562df739cb5d37d4ca22a8abdc60d4bca7d1906078e0702b644042364b80db","output_size":683,"source":[],"source_content":null,"source_content_filename":null,"source_dir":null,"source_file":"./lambda_function.py","type":"zip"},"sensitive_values":{"source":[]}},{"address":"data.aws_iam_policy.logging","mode":"data","type":"aws_iam_policy","name":"logging","provider_name":"registry.terraform.io/hashicorp/aws","schema_version":0,"values":{"arn":"arn:aws:iam::aws:policy/service-role/AWSLambdaBasicExecutionRole","attachment_count":0,"description":"","id":"arn:aws:iam::aws:policy/service-role/AWSLambdaBasicExecutionRole","name":"AWSLambdaBasicExecutionRole","path":"/service-role/","path_prefix":null,"policy":"{\"Statement\": [{\"Action\": [\"logs:CreateLogGroup\", \"logs:CreateLogStream\", \"logs:PutLogEvents\"], \"Effect\": \"Allow\", \"Resource\": \"*\"}], \"Version\": \"2012-10-17\"}","policy_id":"AUKPLF3YQHGFYVXH96RRE","tags":{}},"sensitive_values":{"tags":{}}}]}}},"configuration":{"provider_config":{"archive":{"name":"archive","full_name":"registry.terraform.io/hashicorp/archive"},"aws":{"name":"aws","full_name":"registry.terraform.io/hashicorp/aws","version_constraint":"5.49.0","expressions":{"region":{"constant_value":"ap-south-1"}}}},"root_module":{"outputs":{"api_route":{"expression":{"references":["aws_api_gateway_stage.v1.invoke_url","aws_api_gateway_stage.v1","aws_api_gateway_resource.toplevel.path","aws_api_gateway_resource.toplevel"]}}},"resources":[{"address":"aws_api_gateway_deployment.deploy","mode":"managed","type":"aws_api_gateway_deployment","name":"deploy","provider_config_key":"aws","expressions":{"rest_api_id":{"references":["aws_api_gateway_rest_api.gateway_to_lambda.id","aws_api_gateway_rest_api.gateway_to_lambda"]},"triggers":{"references":["aws_api_gateway_rest_api.gateway_to_lambda.body","aws_api_gateway_rest_api.gateway_to_lambda"]}},"schema_version":0,"depends_on":["aws_api_gateway_method.folder","aws_api_gateway_integration.folder"]},{"address":"aws_api_gateway_integration.folder","mode":"managed","type":"aws_api_gateway_integration","name":"folder","provider_config_key":"aws","expressions":{"connection_type":{"constant_value":"INTERNET"},"content_handling":{"constant_value":"CONVERT_TO_TEXT"},"http_method":{"constant_value":"GET"},"integration_http_method":{"constant_value":"POST"},"request_parameters":{"constant_value":{"integration.request.path.folder":"method.request.path.folder"}},"resource_id":{"references":["aws_api_gateway_resource.folder.id","aws_api_gateway_resource.folder"]},"rest_api_id":{"references":["aws_api_gateway_rest_api.gateway_to_lambda.id","aws_api_gateway_rest_api.gateway_to_lambda"]},"type":{"constant_value":"AWS_PROXY"},"uri":{"references":["aws_lambda_function.bucket_listing.invoke_arn","aws_lambda_function.bucket_listing"]}},"schema_version":0},{"address":"aws_api_gateway_integration.toplevel","mode":"managed","type":"aws_api_gateway_integration","name":"toplevel","provider_config_key":"aws","expressions":{"connection_type":{"constant_value":"INTERNET"},"content_handling":{"constant_value":"CONVERT_TO_TEXT"},"http_method":{"constant_value":"GET"},"integration_http_method":{"constant_value":"POST"},"resource_id":{"references":["aws_api_gateway_resource.toplevel.id","aws_api_gateway_resource.toplevel"]},"rest_api_id":{"references":["aws_api_gateway_rest_api.gateway_to_lambda.id","aws_api_gateway_rest_api.gateway_to_lambda"]},"type":{"constant_value":"AWS_PROXY"},"uri":{"references":["aws_lambda_function.bucket_listing.invoke_arn","aws_lambda_function.bucket_listing"]}},"schema_version":0},{"address":"aws_api_gateway_method.folder","mode":"managed","type":"aws_api_gateway_method","name":"folder","provider_config_key":"aws","expressions":{"api_key_required":{"constant_value":"false"},"authorization":{"constant_value":"NONE"},"http_method":{"constant_value":"GET"},"request_parameters":{"constant_value":{"method.request.path.folder":"true"}},"resource_id":{"references":["aws_api_gateway_resource.folder.id","aws_api_gateway_resource.folder"]},"rest_api_id":{"references":["aws_api_gateway_rest_api.gateway_to_lambda.id","aws_api_gateway_rest_api.gateway_to_lambda"]}},"schema_version":0},{"address":"aws_api_gateway_method.toplevel","mode":"managed","type":"aws_api_gateway_method","name":"toplevel","provider_config_key":"aws","expressions":{"api_key_required":{"constant_value":"false"},"authorization":{"constant_value":"NONE"},"http_method":{"constant_value":"GET"},"resource_id":{"references":["aws_api_gateway_resource.toplevel.id","aws_api_gateway_resource.toplevel"]},"rest_api_id":{"references":["aws_api_gateway_rest_api.gateway_to_lambda.id","aws_api_gateway_rest_api.gateway_to_lambda"]}},"schema_version":0},{"address":"aws_api_gateway_resource.folder","mode":"managed","type":"aws_api_gateway_resource","name":"folder","provider_config_key":"aws","expressions":{"parent_id":{"references":["aws_api_gateway_resource.toplevel.id","aws_api_gateway_resource.toplevel"]},"path_part":{"constant_value":"{folder+}"},"rest_api_id":{"references":["aws_api_gateway_rest_api.gateway_to_lambda.id","aws_api_gateway_rest_api.gateway_to_lambda"]}},"schema_version":0},{"address":"aws_api_gateway_resource.toplevel","mode":"managed","type":"aws_api_gateway_resource","name":"toplevel","provider_config_key":"aws","expressions":{"parent_id":{"references":["aws_api_gateway_rest_api.gateway_to_lambda.root_resource_id","aws_api_gateway_rest_api.gateway_to_lambda"]},"path_part":{"constant_value":"list-bucket-content"},"rest_api_id":{"references":["aws_api_gateway_rest_api.gateway_to_lambda.id","aws_api_gateway_rest_api.gateway_to_lambda"]}},"schema_version":0},{"address":"aws_api_gateway_rest_api.gateway_to_lambda","mode":"managed","type":"aws_api_gateway_rest_api","name":"gateway_to_lambda","provider_config_key":"aws","expressions":{"description":{"constant_value":"For AWS Lambda"},"endpoint_configuration":[{"types":{"constant_value":["REGIONAL"]}}],"name":{"constant_value":"s3-bucket-listing"}},"schema_version":0},{"address":"aws_api_gateway_stage.v1","mode":"managed","type":"aws_api_gateway_stage","name":"v1","provider_config_key":"aws","expressions":{"deployment_id":{"references":["aws_api_gateway_deployment.deploy.id","aws_api_gateway_deployment.deploy"]},"description":{"constant_value":"v1 ; AWS Lambda"},"rest_api_id":{"references":["aws_api_gateway_rest_api.gateway_to_lambda.id","aws_api_gateway_rest_api.gateway_to_lambda"]},"stage_name":{"constant_value":"v1"}},"schema_version":0},{"address":"aws_iam_policy.s3read","mode":"managed","type":"aws_iam_policy","name":"s3read","provider_config_key":"aws","expressions":{"name":{"constant_value":"S3ReadAccess"},"path":{"constant_value":"/service-role/"},"policy":{"constant_value":"{\n  \"Statement\": [\n    {\n      \"Action\": [\n        \"s3:GetObject\",\n        \"s3:ListBucket\"\n      ],\n      \"Effect\": \"Allow\",\n      \"Resource\": \"arn:aws:s3:::gunjantest\"\n    }\n  ],\n  \"Version\": \"2012-10-17\"\n}\n"}},"schema_version":0},{"address":"aws_iam_role.lambda_role","mode":"managed","type":"aws_iam_role","name":"lambda_role","provider_config_key":"aws","expressions":{"assume_role_policy":{"constant_value":"{\n  \"Statement\": [\n    {\n      \"Action\": \"sts:AssumeRole\",\n      \"Effect\": \"Allow\",\n      \"Principal\": {\n        \"Service\": \"lambda.amazonaws.com\"\n      }\n    }\n  ],\n  \"Version\": \"2012-10-17\"\n}\n"},"name":{"constant_value":"ro-s3"},"path":{"constant_value":"/service-role/"}},"schema_version":0},{"address":"aws_iam_role_policy_attachment.lambda_to_log","mode":"managed","type":"aws_iam_role_policy_attachment","name":"lambda_to_log","provider_config_key":"aws","expressions":{"policy_arn":{"references":["data.aws_iam_policy.logging.arn","data.aws_iam_policy.logging"]},"role":{"references":["aws_iam_role.lambda_role.name","aws_iam_role.lambda_role"]}},"schema_version":0},{"address":"aws_iam_role_policy_attachment.lambda_to_s3","mode":"managed","type":"aws_iam_role_policy_attachment","name":"lambda_to_s3","provider_config_key":"aws","expressions":{"policy_arn":{"references":["aws_iam_policy.s3read.arn","aws_iam_policy.s3read"]},"role":{"references":["aws_iam_role.lambda_role.name","aws_iam_role.lambda_role"]}},"schema_version":0},{"address":"aws_lambda_function.bucket_listing","mode":"managed","type":"aws_lambda_function","name":"bucket_listing","provider_config_key":"aws","expressions":{"description":{"constant_value":"to list contents of S3 bucket like filesystem ls"},"environment":[{"variables":{"references":["var.bucket_name"]}}],"filename":{"references":["data.archive_file.zipped_code.output_path","data.archive_file.zipped_code"]},"function_name":{"constant_value":"s3-bucket-listing"},"handler":{"constant_value":"lambda_function.lambda_handler"},"logging_config":[{"log_format":{"constant_value":"Text"},"log_group":{"constant_value":"/aws/lambda/s3-bucket-listing"}}],"role":{"references":["aws_iam_role.lambda_role.arn","aws_iam_role.lambda_role"]},"runtime":{"constant_value":"python3.10"},"source_code_hash":{"references":["data.archive_file.zipped_code.output_base64sha256","data.archive_file.zipped_code"]},"tracing_config":[{"mode":{"constant_value":"PassThrough"}}]},"schema_version":0},{"address":"aws_lambda_permission.folder","mode":"managed","type":"aws_lambda_permission","name":"folder","provider_config_key":"aws","expressions":{"action":{"constant_value":"lambda:InvokeFunction"},"function_name":{"references":["aws_lambda_function.bucket_listing.function_name","aws_lambda_function.bucket_listing"]},"principal":{"constant_value":"apigateway.amazonaws.com"},"source_arn":{"references":["aws_api_gateway_rest_api.gateway_to_lambda.execution_arn","aws_api_gateway_rest_api.gateway_to_lambda","aws_api_gateway_method.folder.http_method","aws_api_gateway_method.folder","aws_api_gateway_resource.folder.path","aws_api_gateway_resource.folder"]}},"schema_version":0},{"address":"aws_lambda_permission.toplevel","mode":"managed","type":"aws_lambda_permission","name":"toplevel","provider_config_key":"aws","expressions":{"action":{"constant_value":"lambda:InvokeFunction"},"function_name":{"references":["aws_lambda_function.bucket_listing.function_name","aws_lambda_function.bucket_listing"]},"principal":{"constant_value":"apigateway.amazonaws.com"},"source_arn":{"references":["aws_api_gateway_rest_api.gateway_to_lambda.execution_arn","aws_api_gateway_rest_api.gateway_to_lambda","aws_api_gateway_method.toplevel.http_method","aws_api_gateway_method.toplevel","aws_api_gateway_resource.toplevel.path","aws_api_gateway_resource.toplevel"]}},"schema_version":0},{"address":"aws_s3_bucket.gunjantest","mode":"managed","type":"aws_s3_bucket","name":"gunjantest","provider_config_key":"aws","expressions":{"bucket":{"references":["var.bucket_name"]}},"schema_version":0},{"address":"data.archive_file.lambda_dummy","mode":"data","type":"archive_file","name":"lambda_dummy","provider_config_key":"archive","expressions":{"output_path":{"references":["local.lambda_dummy_zip"]},"source":[{"content":{"constant_value":"exports.handler = async (event) =\u003e {\n  console.log(\"Dummy lambda invoked\");\n  return { statusCode: 200, body: \"dummy\" };\n};\n"},"filename":{"constant_value":"index.js"}}],"type":{"constant_value":"zip"}},"schema_version":0},{"address":"data.archive_file.zipped_code","mode":"data","type":"archive_file","name":"zipped_code","provider_config_key":"archive","expressions":{"output_path":{"references":["path.module"]},"source_file":{"references":["path.module"]},"type":{"constant_value":"zip"}},"schema_version":0},{"address":"data.aws_iam_policy.logging","mode":"data","type":"aws_iam_policy","name":"logging","provider_config_key":"aws","expressions":{"arn":{"constant_value":"arn:aws:iam::aws:policy/service-role/AWSLambdaBasicExecutionRole"}},"schema_version":0}],"variables":{"bucket_name":{"default":"gunjantest"}}}},"relevant_attributes":[{"resource":"aws_api_gateway_method.folder","attribute":["http_method"]},{"resource":"aws_api_gateway_deployment.deploy","attribute":["id"]},{"resource":"aws_api_gateway_method.toplevel","attribute":["http_method"]},{"resource":"aws_api_gateway_rest_api.gateway_to_lambda","attribute":["id"]},{"resource":"aws_api_gateway_stage.v1","attribute":["invoke_url"]},{"resource":"data.archive_file.zipped_code","attribute":["output_base64sha256"]},{"resource":"aws_api_gateway_resource.toplevel","attribute":["id"]},{"resource":"aws_api_gateway_rest_api.gateway_to_lambda","attribute":["root_resource_id"]},{"resource":"data.aws_iam_policy.logging","attribute":["arn"]},{"resource":"aws_api_gateway_rest_api.gateway_to_lambda","attribute":["body"]},{"resource":"data.archive_file.zipped_code","attribute":["output_path"]},{"resource":"aws_api_gateway_resource.folder","attribute":["id"]},{"resource":"aws_iam_policy.s3read","attribute":["arn"]},{"resource":"aws_api_gateway_rest_api.gateway_to_lambda","attribute":["execution_arn"]},{"resource":"aws_lambda_function.bucket_listing","attribute":["function_name"]},{"resource":"aws_api_gateway_resource.folder","attribute":["path"]},{"resource":"aws_iam_role.lambda_role","attribute":["arn"]},{"resource":"aws_iam_role.lambda_role","attribute":["name"]},{"resource":"aws_api_gateway_resource.toplevel","attribute":["path"]},{"resource":"aws_lambda_function.bucket_listing","attribute":["invoke_arn"]}],"timestamp":"2026-01-25T20:20:45Z","applyable":true,"complete":true,"errored":false}
