data.aws_iam_policy_document.ecs_task_assume_role_policy: Reading...
data.aws_availability_zones.available: Reading...
data.aws_iam_policy_document.ecs_task_assume_role_policy: Read complete after 0s [id=1077804475]
data.aws_availability_zones.available: Read complete after 0s [id=us-east-1]

Terraform used the selected providers to generate the following execution
plan. Resource actions are indicated with the following symbols:
  + create

Terraform will perform the following actions:

  # aws_cloudwatch_log_group.app will be created
  + resource "aws_cloudwatch_log_group" "app" {
      + arn                         = (known after apply)
      + deletion_protection_enabled = (known after apply)
      + id                          = (known after apply)
      + log_group_class             = (known after apply)
      + name                        = "/ecs/ssh-key-agent"
      + name_prefix                 = (known after apply)
      + region                      = "us-east-1"
      + retention_in_days           = 14
      + skip_destroy                = false
      + tags_all                    = (known after apply)
    }

  # aws_ecr_repository.app will be created
  + resource "aws_ecr_repository" "app" {
      + arn                  = (known after apply)
      + id                   = (known after apply)
      + image_tag_mutability = "MUTABLE"
      + name                 = "ssh-key-agent"
      + region               = "us-east-1"
      + registry_id          = (known after apply)
      + repository_url       = (known after apply)
      + tags                 = {
          + "Name" = "ssh-key-agent-ecr"
        }
      + tags_all             = {
          + "Name" = "ssh-key-agent-ecr"
        }

      + image_scanning_configuration {
          + scan_on_push = true
        }
    }

  # aws_ecs_cluster.main will be created
  + resource "aws_ecs_cluster" "main" {
      + arn      = (known after apply)
      + id       = (known after apply)
      + name     = "ssh-key-agent-cluster"
      + region   = "us-east-1"
      + tags_all = (known after apply)

      + setting (known after apply)
    }

  # aws_ecs_service.app will be created
  + resource "aws_ecs_service" "app" {
      + arn                                = (known after apply)
      + availability_zone_rebalancing      = (known after apply)
      + cluster                            = (known after apply)
      + deployment_maximum_percent         = 200
      + deployment_minimum_healthy_percent = 100
      + desired_count                      = 1
      + enable_ecs_managed_tags            = false
      + enable_execute_command             = false
      + iam_role                           = (known after apply)
      + id                                 = (known after apply)
      + launch_type                        = "FARGATE"
      + name                               = "ssh-key-agent"
      + platform_version                   = (known after apply)
      + region                             = "us-east-1"
      + scheduling_strategy                = "REPLICA"
      + tags_all                           = (known after apply)
      + task_definition                    = (known after apply)
      + triggers                           = (known after apply)
      + wait_for_steady_state              = false

      + deployment_configuration (known after apply)

      + network_configuration {
          + assign_public_ip = false
          + security_groups  = (known after apply)
          + subnets          = (known after apply)
        }
    }

  # aws_ecs_task_definition.app will be created
  + resource "aws_ecs_task_definition" "app" {
      + arn                      = (known after apply)
      + arn_without_revision     = (known after apply)
      + container_definitions    = jsonencode(
            [
              + {
                  + environment      = []
                  + image            = "ai-tf"
                  + logConfiguration = {
                      + logDriver = "awslogs"
                      + options   = {
                          + awslogs-group         = "/ecs/ssh-key-agent"
                          + awslogs-region        = "us-east-1"
                          + awslogs-stream-prefix = "ssh-key-agent"
                        }
                    }
                  + name             = "ssh-key-agent"
                  + portMappings     = [
                      + {
                          + containerPort = 8080
                          + hostPort      = 8080
                          + protocol      = "tcp"
                        },
                    ]
                },
            ]
        )
      + cpu                      = "256"
      + enable_fault_injection   = (known after apply)
      + execution_role_arn       = (known after apply)
      + family                   = "ssh-key-agent"
      + id                       = (known after apply)
      + memory                   = "512"
      + network_mode             = "awsvpc"
      + region                   = "us-east-1"
      + requires_compatibilities = [
          + "FARGATE",
        ]
      + revision                 = (known after apply)
      + skip_destroy             = false
      + tags_all                 = (known after apply)
      + task_role_arn            = (known after apply)
      + track_latest             = false
    }

  # aws_eip.nat will be created
  + resource "aws_eip" "nat" {
      + allocation_id        = (known after apply)
      + arn                  = (known after apply)
      + association_id       = (known after apply)
      + carrier_ip           = (known after apply)
      + customer_owned_ip    = (known after apply)
      + domain               = (known after apply)
      + id                   = (known after apply)
      + instance             = (known after apply)
      + ipam_pool_id         = (known after apply)
      + network_border_group = (known after apply)
      + network_interface    = (known after apply)
      + private_dns          = (known after apply)
      + private_ip           = (known after apply)
      + ptr_record           = (known after apply)
      + public_dns           = (known after apply)
      + public_ip            = (known after apply)
      + public_ipv4_pool     = (known after apply)
      + region               = "us-east-1"
      + tags_all             = (known after apply)
    }

  # aws_iam_role.ecs_task will be created
  + resource "aws_iam_role" "ecs_task" {
      + arn                   = (known after apply)
      + assume_role_policy    = jsonencode(
            {
              + Statement = [
                  + {
                      + Action    = "sts:AssumeRole"
                      + Effect    = "Allow"
                      + Principal = {
                          + Service = "ecs-tasks.amazonaws.com"
                        }
                    },
                ]
              + Version   = "2012-10-17"
            }
        )
      + create_date           = (known after apply)
      + force_detach_policies = false
      + id                    = (known after apply)
      + managed_policy_arns   = (known after apply)
      + max_session_duration  = 3600
      + name                  = "ssh-key-agent-ecs-task-role"
      + name_prefix           = (known after apply)
      + path                  = "/"
      + tags_all              = (known after apply)
      + unique_id             = (known after apply)

      + inline_policy (known after apply)
    }

  # aws_iam_role.ecs_task_execution will be created
  + resource "aws_iam_role" "ecs_task_execution" {
      + arn                   = (known after apply)
      + assume_role_policy    = jsonencode(
            {
              + Statement = [
                  + {
                      + Action    = "sts:AssumeRole"
                      + Effect    = "Allow"
                      + Principal = {
                          + Service = "ecs-tasks.amazonaws.com"
                        }
                    },
                ]
              + Version   = "2012-10-17"
            }
        )
      + create_date           = (known after apply)
      + force_detach_policies = false
      + id                    = (known after apply)
      + managed_policy_arns   = (known after apply)
      + max_session_duration  = 3600
      + name                  = "ssh-key-agent-ecs-task-execution-role"
      + name_prefix           = (known after apply)
      + path                  = "/"
      + tags_all              = (known after apply)
      + unique_id             = (known after apply)

      + inline_policy (known after apply)
    }

  # aws_iam_role_policy_attachment.ecs_task_execution will be created
  + resource "aws_iam_role_policy_attachment" "ecs_task_execution" {
      + id         = (known after apply)
      + policy_arn = "arn:aws:iam::aws:policy/service-role/AmazonECSTaskExecutionRolePolicy"
      + role       = "ssh-key-agent-ecs-task-execution-role"
    }

  # aws_internet_gateway.main will be created
  + resource "aws_internet_gateway" "main" {
      + arn      = (known after apply)
      + id       = (known after apply)
      + owner_id = (known after apply)
      + region   = "us-east-1"
      + tags     = {
          + "Name" = "ssh-key-agent-igw"
        }
      + tags_all = {
          + "Name" = "ssh-key-agent-igw"
        }
      + vpc_id   = (known after apply)
    }

  # aws_nat_gateway.main will be created
  + resource "aws_nat_gateway" "main" {
      + allocation_id                      = (known after apply)
      + association_id                     = (known after apply)
      + auto_provision_zones               = (known after apply)
      + auto_scaling_ips                   = (known after apply)
      + availability_mode                  = (known after apply)
      + connectivity_type                  = "public"
      + id                                 = (known after apply)
      + network_interface_id               = (known after apply)
      + private_ip                         = (known after apply)
      + public_ip                          = (known after apply)
      + region                             = "us-east-1"
      + regional_nat_gateway_address       = (known after apply)
      + regional_nat_gateway_auto_mode     = (known after apply)
      + route_table_id                     = (known after apply)
      + secondary_allocation_ids           = (known after apply)
      + secondary_private_ip_address_count = (known after apply)
      + secondary_private_ip_addresses     = (known after apply)
      + subnet_id                          = (known after apply)
      + tags                               = {
          + "Name" = "ssh-key-agent-nat"
        }
      + tags_all                           = {
          + "Name" = "ssh-key-agent-nat"
        }
      + vpc_id                             = (known after apply)
    }

  # aws_route.private_nat_gateway will be created
  + resource "aws_route" "private_nat_gateway" {
      + destination_cidr_block = "0.0.0.0/0"
      + id                     = (known after apply)
      + instance_id            = (known after apply)
      + instance_owner_id      = (known after apply)
      + nat_gateway_id         = (known after apply)
      + network_interface_id   = (known after apply)
      + origin                 = (known after apply)
      + region                 = "us-east-1"
      + route_table_id         = (known after apply)
      + state                  = (known after apply)
    }

  # aws_route.public_internet_access will be created
  + resource "aws_route" "public_internet_access" {
      + destination_cidr_block = "0.0.0.0/0"
      + gateway_id             = (known after apply)
      + id                     = (known after apply)
      + instance_id            = (known after apply)
      + instance_owner_id      = (known after apply)
      + network_interface_id   = (known after apply)
      + origin                 = (known after apply)
      + region                 = "us-east-1"
      + route_table_id         = (known after apply)
      + state                  = (known after apply)
    }

  # aws_route_table.private will be created
  + resource "aws_route_table" "private" {
      + arn              = (known after apply)
      + id               = (known after apply)
      + owner_id         = (known after apply)
      + propagating_vgws = (known after apply)
      + region           = "us-east-1"
      + route            = (known after apply)
      + tags             = {
          + "Name" = "ssh-key-agent-private-rt"
        }
      + tags_all         = {
          + "Name" = "ssh-key-agent-private-rt"
        }
      + vpc_id           = (known after apply)
    }

  # aws_route_table.public will be created
  + resource "aws_route_table" "public" {
      + arn              = (known after apply)
      + id               = (known after apply)
      + owner_id         = (known after apply)
      + propagating_vgws = (known after apply)
      + region           = "us-east-1"
      + route            = (known after apply)
      + tags             = {
          + "Name" = "ssh-key-agent-public-rt"
        }
      + tags_all         = {
          + "Name" = "ssh-key-agent-public-rt"
        }
      + vpc_id           = (known after apply)
    }

  # aws_route_table_association.private[0] will be created
  + resource "aws_route_table_association" "private" {
      + id             = (known after apply)
      + region         = "us-east-1"
      + route_table_id = (known after apply)
      + subnet_id      = (known after apply)
    }

  # aws_route_table_association.private[1] will be created
  + resource "aws_route_table_association" "private" {
      + id             = (known after apply)
      + region         = "us-east-1"
      + route_table_id = (known after apply)
      + subnet_id      = (known after apply)
    }

  # aws_route_table_association.public[0] will be created
  + resource "aws_route_table_association" "public" {
      + id             = (known after apply)
      + region         = "us-east-1"
      + route_table_id = (known after apply)
      + subnet_id      = (known after apply)
    }

  # aws_route_table_association.public[1] will be created
  + resource "aws_route_table_association" "public" {
      + id             = (known after apply)
      + region         = "us-east-1"
      + route_table_id = (known after apply)
      + subnet_id      = (known after apply)
    }

  # aws_security_group.ecs will be created
  + resource "aws_security_group" "ecs" {
      + arn                    = (known after apply)
      + description            = "Allow outbound for ECS tasks"
      + egress                 = [
          + {
              + cidr_blocks      = [
                  + "0.0.0.0/0",
                ]
              + from_port        = 0
              + ipv6_cidr_blocks = []
              + prefix_list_ids  = []
              + protocol         = "-1"
              + security_groups  = []
              + self             = false
              + to_port          = 0
                # (1 unchanged attribute hidden)
            },
        ]
      + id                     = (known after apply)
      + ingress                = [
          + {
              + cidr_blocks      = [
                  + "0.0.0.0/0",
                ]
              + description      = "Allow inbound to container port (if needed)"
              + from_port        = 8080
              + ipv6_cidr_blocks = []
              + prefix_list_ids  = []
              + protocol         = "tcp"
              + security_groups  = []
              + self             = false
              + to_port          = 8080
            },
        ]
      + name                   = "ssh-key-agent-ecs-sg"
      + name_prefix            = (known after apply)
      + owner_id               = (known after apply)
      + region                 = "us-east-1"
      + revoke_rules_on_delete = false
      + tags                   = {
          + "Name" = "ssh-key-agent-ecs-sg"
        }
      + tags_all               = {
          + "Name" = "ssh-key-agent-ecs-sg"
        }
      + vpc_id                 = (known after apply)
    }

  # aws_subnet.private[0] will be created
  + resource "aws_subnet" "private" {
      + arn                                            = (known after apply)
      + assign_ipv6_address_on_creation                = false
      + availability_zone                              = "us-east-1a"
      + availability_zone_id                           = (known after apply)
      + cidr_block                                     = "10.0.101.0/24"
      + enable_dns64                                   = false
      + enable_resource_name_dns_a_record_on_launch    = false
      + enable_resource_name_dns_aaaa_record_on_launch = false
      + id                                             = (known after apply)
      + ipv6_cidr_block_association_id                 = (known after apply)
      + ipv6_native                                    = false
      + map_public_ip_on_launch                        = false
      + owner_id                                       = (known after apply)
      + private_dns_hostname_type_on_launch            = (known after apply)
      + region                                         = "us-east-1"
      + tags                                           = {
          + "Name" = "ssh-key-agent-private-1"
        }
      + tags_all                                       = {
          + "Name" = "ssh-key-agent-private-1"
        }
      + vpc_id                                         = (known after apply)
    }

  # aws_subnet.private[1] will be created
  + resource "aws_subnet" "private" {
      + arn                                            = (known after apply)
      + assign_ipv6_address_on_creation                = false
      + availability_zone                              = "us-east-1b"
      + availability_zone_id                           = (known after apply)
      + cidr_block                                     = "10.0.102.0/24"
      + enable_dns64                                   = false
      + enable_resource_name_dns_a_record_on_launch    = false
      + enable_resource_name_dns_aaaa_record_on_launch = false
      + id                                             = (known after apply)
      + ipv6_cidr_block_association_id                 = (known after apply)
      + ipv6_native                                    = false
      + map_public_ip_on_launch                        = false
      + owner_id                                       = (known after apply)
      + private_dns_hostname_type_on_launch            = (known after apply)
      + region                                         = "us-east-1"
      + tags                                           = {
          + "Name" = "ssh-key-agent-private-2"
        }
      + tags_all                                       = {
          + "Name" = "ssh-key-agent-private-2"
        }
      + vpc_id                                         = (known after apply)
    }

  # aws_subnet.public[0] will be created
  + resource "aws_subnet" "public" {
      + arn                                            = (known after apply)
      + assign_ipv6_address_on_creation                = false
      + availability_zone                              = "us-east-1a"
      + availability_zone_id                           = (known after apply)
      + cidr_block                                     = "10.0.1.0/24"
      + enable_dns64                                   = false
      + enable_resource_name_dns_a_record_on_launch    = false
      + enable_resource_name_dns_aaaa_record_on_launch = false
      + id                                             = (known after apply)
      + ipv6_cidr_block_association_id                 = (known after apply)
      + ipv6_native                                    = false
      + map_public_ip_on_launch                        = true
      + owner_id                                       = (known after apply)
      + private_dns_hostname_type_on_launch            = (known after apply)
      + region                                         = "us-east-1"
      + tags                                           = {
          + "Name" = "ssh-key-agent-public-1"
        }
      + tags_all                                       = {
          + "Name" = "ssh-key-agent-public-1"
        }
      + vpc_id                                         = (known after apply)
    }

  # aws_subnet.public[1] will be created
  + resource "aws_subnet" "public" {
      + arn                                            = (known after apply)
      + assign_ipv6_address_on_creation                = false
      + availability_zone                              = "us-east-1b"
      + availability_zone_id                           = (known after apply)
      + cidr_block                                     = "10.0.2.0/24"
      + enable_dns64                                   = false
      + enable_resource_name_dns_a_record_on_launch    = false
      + enable_resource_name_dns_aaaa_record_on_launch = false
      + id                                             = (known after apply)
      + ipv6_cidr_block_association_id                 = (known after apply)
      + ipv6_native                                    = false
      + map_public_ip_on_launch                        = true
      + owner_id                                       = (known after apply)
      + private_dns_hostname_type_on_launch            = (known after apply)
      + region                                         = "us-east-1"
      + tags                                           = {
          + "Name" = "ssh-key-agent-public-2"
        }
      + tags_all                                       = {
          + "Name" = "ssh-key-agent-public-2"
        }
      + vpc_id                                         = (known after apply)
    }

  # aws_vpc.main will be created
  + resource "aws_vpc" "main" {
      + arn                                  = (known after apply)
      + cidr_block                           = "10.0.0.0/16"
      + default_network_acl_id               = (known after apply)
      + default_route_table_id               = (known after apply)
      + default_security_group_id            = (known after apply)
      + dhcp_options_id                      = (known after apply)
      + enable_dns_hostnames                 = true
      + enable_dns_support                   = true
      + enable_network_address_usage_metrics = (known after apply)
      + id                                   = (known after apply)
      + instance_tenancy                     = "default"
      + ipv6_association_id                  = (known after apply)
      + ipv6_cidr_block                      = (known after apply)
      + ipv6_cidr_block_network_border_group = (known after apply)
      + main_route_table_id                  = (known after apply)
      + owner_id                             = (known after apply)
      + region                               = "us-east-1"
      + tags                                 = {
          + "Name" = "ssh-key-agent-vpc"
        }
      + tags_all                             = {
          + "Name" = "ssh-key-agent-vpc"
        }
    }

Plan: 25 to add, 0 to change, 0 to destroy.

Changes to Outputs:
  + ecr_repository_url = (known after apply)
  + ecs_cluster_id     = (known after apply)
  + ecs_service_name   = "ssh-key-agent"
  + private_subnet_ids = [
      + (known after apply),
      + (known after apply),
    ]
  + public_subnet_ids  = [
      + (known after apply),
      + (known after apply),
    ]
  + vpc_id             = (known after apply)
aws_cloudwatch_log_group.app: Creating...
aws_ecs_cluster.main: Creating...
aws_iam_role.ecs_task: Creating...
aws_ecr_repository.app: Creating...
aws_vpc.main: Creating...
aws_iam_role.ecs_task_execution: Creating...
aws_iam_role.ecs_task: Creation complete after 0s [id=ssh-key-agent-ecs-task-role]
aws_iam_role.ecs_task_execution: Creation complete after 0s [id=ssh-key-agent-ecs-task-execution-role]
aws_iam_role_policy_attachment.ecs_task_execution: Creating...
aws_iam_role_policy_attachment.ecs_task_execution: Creation complete after 0s [id=ssh-key-agent-ecs-task-execution-role/arn:aws:iam::aws:policy/service-role/AmazonECSTaskExecutionRolePolicy]
aws_cloudwatch_log_group.app: Creation complete after 0s [id=/ecs/ssh-key-agent]
aws_ecs_task_definition.app: Creating...
aws_ecs_task_definition.app: Creation complete after 0s [id=ssh-key-agent]
aws_ecr_repository.app: Creation complete after 2s [id=ssh-key-agent]
aws_ecs_cluster.main: Still creating... [00m10s elapsed]
aws_vpc.main: Still creating... [00m10s elapsed]
aws_vpc.main: Creation complete after 10s [id=vpc-3544ee54abbe5bb52]
aws_subnet.private[1]: Creating...
aws_route_table.public: Creating...
aws_route_table.private: Creating...
aws_internet_gateway.main: Creating...
aws_security_group.ecs: Creating...
aws_subnet.private[0]: Creating...
aws_subnet.public[1]: Creating...
aws_subnet.public[0]: Creating...
aws_subnet.private[0]: Creation complete after 0s [id=subnet-392c77e830cf761b0]
aws_internet_gateway.main: Creation complete after 0s [id=igw-2950b52eb56dd5346]
aws_subnet.private[1]: Creation complete after 0s [id=subnet-4b823e6275bd42149]
aws_eip.nat: Creating...
aws_eip.nat: Creation complete after 0s [id=eipalloc-b3e4ede0191453ce3]
aws_route_table.public: Creation complete after 0s [id=rtb-98c516f0df68655b6]
aws_route_table.private: Creation complete after 0s [id=rtb-3c5c5bca60a29bdfa]
aws_route.public_internet_access: Creating...
aws_route_table_association.private[0]: Creating...
aws_route_table_association.private[1]: Creating...
aws_route_table_association.private[0]: Creation complete after 0s [id=rtbassoc-f68dd0852d638fee2]
aws_route_table_association.private[1]: Creation complete after 0s [id=rtbassoc-40d94e9279deca93b]
aws_route.public_internet_access: Creation complete after 0s [id=r-rtb-98c516f0df68655b61080289494]
aws_security_group.ecs: Creation complete after 0s [id=sg-5be52fb98f7600706]
aws_ecs_cluster.main: Creation complete after 10s [id=arn:aws:ecs:us-east-1:000000000000:cluster/ssh-key-agent-cluster]
aws_ecs_service.app: Creating...
aws_subnet.public[1]: Still creating... [00m10s elapsed]
aws_subnet.public[0]: Still creating... [00m10s elapsed]
aws_subnet.public[1]: Creation complete after 10s [id=subnet-a5e0213df8751944d]
aws_subnet.public[0]: Creation complete after 10s [id=subnet-a929a48151dc59977]
aws_route_table_association.public[0]: Creating...
aws_route_table_association.public[1]: Creating...
aws_nat_gateway.main: Creating...
aws_route_table_association.public[0]: Creation complete after 0s [id=rtbassoc-f384c3847cd33d34e]
aws_nat_gateway.main: Creation complete after 0s [id=nat-8091623882912321b]
aws_route_table_association.public[1]: Creation complete after 0s [id=rtbassoc-1e16993106561b339]
aws_route.private_nat_gateway: Creating...
aws_route.private_nat_gateway: Creation complete after 0s [id=r-rtb-3c5c5bca60a29bdfa1080289494]
aws_ecs_service.app: Still creating... [00m10s elapsed]
aws_ecs_service.app: Still creating... [00m20s elapsed]
aws_ecs_service.app: Creation complete after 21s [id=arn:aws:ecs:us-east-1:000000000000:service/ssh-key-agent-cluster/ssh-key-agent]

Apply complete! Resources: 25 added, 0 changed, 0 destroyed.

Outputs:

ecr_repository_url = "000000000000.dkr.ecr.us-east-1.localhost.localstack.cloud:4566/ssh-key-agent"
ecs_cluster_id = "arn:aws:ecs:us-east-1:000000000000:cluster/ssh-key-agent-cluster"
ecs_service_name = "ssh-key-agent"
private_subnet_ids = [
  "subnet-392c77e830cf761b0",
  "subnet-4b823e6275bd42149",
]
public_subnet_ids = [
  "subnet-a929a48151dc59977",
  "subnet-a5e0213df8751944d",
]
vpc_id = "vpc-3544ee54abbe5bb52"
