data.archive_file.lambda_dummy: Reading...
data.archive_file.lambda_dummy: Read complete after 0s [id=58e93fade67637870be5af38eff8d5aa66c7da49]

Terraform used the selected providers to generate the following execution
plan. Resource actions are indicated with the following symbols:
  + create

Terraform will perform the following actions:

  # aws_cloudwatch_event_rule.every_30_minutes will be created
  + resource "aws_cloudwatch_event_rule" "every_30_minutes" {
      + arn                 = (known after apply)
      + description         = "Triggers lambda function every 30 minutes"
      + event_bus_name      = "default"
      + force_destroy       = false
      + id                  = (known after apply)
      + name                = "every-30-minutes"
      + name_prefix         = (known after apply)
      + region              = "eu-west-1"
      + schedule_expression = "rate(30 minutes)"
      + tags_all            = (known after apply)
    }

  # aws_cloudwatch_event_target.lambda_target will be created
  + resource "aws_cloudwatch_event_target" "lambda_target" {
      + arn            = (known after apply)
      + event_bus_name = "default"
      + force_destroy  = false
      + id             = (known after apply)
      + region         = "eu-west-1"
      + rule           = "every-30-minutes"
      + target_id      = (known after apply)
    }

  # aws_ecr_repository.home_automation will be created
  + resource "aws_ecr_repository" "home_automation" {
      + arn                  = (known after apply)
      + id                   = (known after apply)
      + image_tag_mutability = "MUTABLE"
      + name                 = "home_automation"
      + region               = "eu-west-1"
      + registry_id          = (known after apply)
      + repository_url       = (known after apply)
      + tags_all             = (known after apply)
    }

  # aws_iam_role.home_automation_lambda_role will be created
  + resource "aws_iam_role" "home_automation_lambda_role" {
      + arn                   = (known after apply)
      + assume_role_policy    = jsonencode(
            {
              + Statement = [
                  + {
                      + Action    = "sts:AssumeRole"
                      + Effect    = "Allow"
                      + Principal = {
                          + Service = "lambda.amazonaws.com"
                        }
                    },
                ]
              + Version   = "2012-10-17"
            }
        )
      + create_date           = (known after apply)
      + force_detach_policies = false
      + id                    = (known after apply)
      + managed_policy_arns   = (known after apply)
      + max_session_duration  = 3600
      + name                  = "home-automation-lambda-role"
      + name_prefix           = (known after apply)
      + path                  = "/"
      + tags_all              = (known after apply)
      + unique_id             = (known after apply)

      + inline_policy (known after apply)
    }

  # aws_iam_role_policy_attachment.lambda_policy_attachment will be created
  + resource "aws_iam_role_policy_attachment" "lambda_policy_attachment" {
      + id         = (known after apply)
      + policy_arn = "arn:aws:iam::aws:policy/service-role/AWSLambdaBasicExecutionRole"
      + role       = "home-automation-lambda-role"
    }

  # aws_lambda_function.humid_temp_sensors will be created
  + resource "aws_lambda_function" "humid_temp_sensors" {
      + architectures                  = [
          + "x86_64",
        ]
      + arn                            = (known after apply)
      + code_sha256                    = (known after apply)
      + function_name                  = "Humidity_and_temperature_SonOff_sensors"
      + id                             = (known after apply)
      + image_uri                      = (known after apply)
      + invoke_arn                     = (known after apply)
      + last_modified                  = (known after apply)
      + memory_size                    = 128
      + package_type                   = "Image"
      + publish                        = false
      + qualified_arn                  = (known after apply)
      + qualified_invoke_arn           = (known after apply)
      + region                         = "eu-west-1"
      + reserved_concurrent_executions = -1
      + role                           = (known after apply)
      + signing_job_arn                = (known after apply)
      + signing_profile_version_arn    = (known after apply)
      + skip_destroy                   = false
      + source_code_hash               = (known after apply)
      + source_code_size               = (known after apply)
      + tags_all                       = (known after apply)
      + timeout                        = 10
      + version                        = (known after apply)

      + environment {
          + variables = {
              + "INFLUXDB_BUCKET" = "terraform-bucket"
              + "INFLUXDB_ORG"    = "terraform"
              + "INFLUXDB_TOKEN"  = (sensitive value)
              + "INFLUXDB_URL"    = "terraform"
              + "TUYA_APIKEY"     = "terraform"
              + "TUYA_APISECRET"  = (sensitive value)
              + "TUYA_APISREGION" = "terraform"
            }
        }

      + ephemeral_storage (known after apply)

      + logging_config (known after apply)

      + tracing_config (known after apply)
    }

  # aws_lambda_permission.allow_clw_to_invoke_lambda will be created
  + resource "aws_lambda_permission" "allow_clw_to_invoke_lambda" {
      + action              = "lambda:InvokeFunction"
      + function_name       = "Humidity_and_temperature_SonOff_sensors"
      + id                  = (known after apply)
      + principal           = "events.amazonaws.com"
      + region              = "eu-west-1"
      + source_arn          = (known after apply)
      + statement_id        = "AllowExecutionFromCloudWatch"
      + statement_id_prefix = (known after apply)
    }

Plan: 7 to add, 0 to change, 0 to destroy.

Changes to Outputs:
  + ecr_repository_uri = (known after apply)
aws_iam_role.home_automation_lambda_role: Creating...
aws_cloudwatch_event_rule.every_30_minutes: Creating...
aws_ecr_repository.home_automation: Creating...
aws_cloudwatch_event_rule.every_30_minutes: Creation complete after 0s [id=every-30-minutes]
aws_iam_role.home_automation_lambda_role: Creation complete after 0s [id=home-automation-lambda-role]
aws_iam_role_policy_attachment.lambda_policy_attachment: Creating...
aws_iam_role_policy_attachment.lambda_policy_attachment: Creation complete after 0s [id=home-automation-lambda-role/arn:aws:iam::aws:policy/service-role/AWSLambdaBasicExecutionRole]
aws_ecr_repository.home_automation: Creation complete after 1s [id=home_automation]
aws_lambda_function.humid_temp_sensors: Creating...
