{"format_version":"1.2","terraform_version":"1.13.5","variables":{"artifact_bucket_name":{"value":"ai-tf"},"artifact_key":{"value":"iterator.zip"},"artifact_object_version":{"value":null},"aws_region":{"value":"us-east-1"},"enable_async_failure_destination":{"value":true},"lambda_handler":{"value":"bootstrap"},"lambda_memory_size":{"value":128},"lambda_reserved_concurrency":{"value":5},"lambda_runtime":{"value":"provided.al2"},"lambda_timeout":{"value":10},"log_retention_days":{"value":14},"name_prefix":{"value":"hfl"},"sfn_count":{"value":6},"sfn_wait_seconds":{"value":10},"tags":{"value":{}},"target_lambda_arn":{"value":"arn:aws:lambda:us-east-1:000000000000:ai-tf"}},"planned_values":{"outputs":{"async_failure_dlq_url":{"sensitive":false},"iterator_lambda_arn":{"sensitive":false},"iterator_lambda_name":{"sensitive":false,"type":"string","value":"hfl-iterator"},"state_machine_arn":{"sensitive":false}},"root_module":{"resources":[{"address":"aws_cloudwatch_log_group.iterator","mode":"managed","type":"aws_cloudwatch_log_group","name":"iterator","provider_name":"registry.terraform.io/hashicorp/aws","schema_version":0,"values":{"kms_key_id":null,"name":"/aws/lambda/hfl-iterator","region":"us-east-1","retention_in_days":14,"skip_destroy":false,"tags":null},"sensitive_values":{"tags_all":{}},"identity_schema_version":0,"identity":{"account_id":null,"name":null,"region":null}},{"address":"aws_cloudwatch_log_group.sfn","mode":"managed","type":"aws_cloudwatch_log_group","name":"sfn","provider_name":"registry.terraform.io/hashicorp/aws","schema_version":0,"values":{"kms_key_id":null,"name":"/aws/vendedlogs/states/hfl-iterator-sfn","region":"us-east-1","retention_in_days":14,"skip_destroy":false,"tags":null},"sensitive_values":{"tags_all":{}},"identity_schema_version":0,"identity":{"account_id":null,"name":null,"region":null}},{"address":"aws_iam_role.iterator","mode":"managed","type":"aws_iam_role","name":"iterator","provider_name":"registry.terraform.io/hashicorp/aws","schema_version":0,"values":{"assume_role_policy":"{\"Statement\":[{\"Action\":\"sts:AssumeRole\",\"Effect\":\"Allow\",\"Principal\":{\"Service\":\"lambda.amazonaws.com\"}}],\"Version\":\"2012-10-17\"}","description":null,"force_detach_policies":false,"max_session_duration":3600,"name":"hfl-iterator-role","path":"/","permissions_boundary":null,"tags":null},"sensitive_values":{"inline_policy":[],"managed_policy_arns":[],"tags_all":{}},"identity_schema_version":0,"identity":{"account_id":null,"name":null}},{"address":"aws_iam_role.sfn","mode":"managed","type":"aws_iam_role","name":"sfn","provider_name":"registry.terraform.io/hashicorp/aws","schema_version":0,"values":{"assume_role_policy":"{\"Statement\":[{\"Action\":\"sts:AssumeRole\",\"Effect\":\"Allow\",\"Principal\":{\"Service\":\"states.amazonaws.com\"}}],\"Version\":\"2012-10-17\"}","description":null,"force_detach_policies":false,"max_session_duration":3600,"name":"hfl-iterator-sfn-role","path":"/","permissions_boundary":null,"tags":null},"sensitive_values":{"inline_policy":[],"managed_policy_arns":[],"tags_all":{}},"identity_schema_version":0,"identity":{"account_id":null,"name":null}},{"address":"aws_iam_role_policy.iterator","mode":"managed","type":"aws_iam_role_policy","name":"iterator","provider_name":"registry.terraform.io/hashicorp/aws","schema_version":0,"values":{"name":"hfl-iterator-policy"},"sensitive_values":{},"identity_schema_version":0,"identity":{"account_id":null,"name":null,"role":null}},{"address":"aws_iam_role_policy.sfn","mode":"managed","type":"aws_iam_role_policy","name":"sfn","provider_name":"registry.terraform.io/hashicorp/aws","schema_version":0,"values":{"name":"hfl-iterator-sfn-policy"},"sensitive_values":{},"identity_schema_version":0,"identity":{"account_id":null,"name":null,"role":null}},{"address":"aws_lambda_function.iterator","mode":"managed","type":"aws_lambda_function","name":"iterator","provider_name":"registry.terraform.io/hashicorp/aws","schema_version":0,"values":{"capacity_provider_config":[],"code_signing_config_arn":null,"dead_letter_config":[],"description":null,"durable_config":[],"environment":[{"variables":{"LAMBDA":"arn:aws:lambda:us-east-1:000000000000:ai-tf","REGION":"us-east-1"}}],"file_system_config":[],"filename":null,"function_name":"hfl-iterator","handler":"bootstrap","image_config":[],"image_uri":null,"kms_key_arn":null,"layers":null,"memory_size":128,"package_type":"Zip","publish":false,"publish_to":null,"region":"us-east-1","replace_security_groups_on_destroy":null,"replacement_security_group_ids":null,"reserved_concurrent_executions":5,"runtime":"provided.al2","s3_bucket":"ai-tf","s3_key":"iterator.zip","s3_object_version":null,"skip_destroy":false,"snap_start":[],"source_kms_key_arn":null,"tags":null,"tenancy_config":[],"timeout":10,"timeouts":null,"vpc_config":[]},"sensitive_values":{"architectures":[],"capacity_provider_config":[],"dead_letter_config":[],"durable_config":[],"environment":[{"variables":{}}],"ephemeral_storage":[],"file_system_config":[],"image_config":[],"logging_config":[],"snap_start":[],"tags_all":{},"tenancy_config":[],"tracing_config":[],"vpc_config":[]},"identity_schema_version":0,"identity":{"account_id":null,"function_name":null,"region":null}},{"address":"aws_lambda_function_event_invoke_config.iterator[0]","mode":"managed","type":"aws_lambda_function_event_invoke_config","name":"iterator","index":0,"provider_name":"registry.terraform.io/hashicorp/aws","schema_version":0,"values":{"destination_config":[{"on_failure":[{}],"on_success":[]}],"function_name":"hfl-iterator","maximum_event_age_in_seconds":null,"maximum_retry_attempts":0,"qualifier":null,"region":"us-east-1"},"sensitive_values":{"destination_config":[{"on_failure":[{}],"on_success":[]}]}},{"address":"aws_sfn_state_machine.iterator","mode":"managed","type":"aws_sfn_state_machine","name":"iterator","provider_name":"registry.terraform.io/hashicorp/aws","schema_version":0,"values":{"logging_configuration":[{"include_execution_data":true,"level":"ALL"}],"name":"hfl-iterator-sfn","publish":false,"region":"us-east-1","tags":null,"timeouts":null,"type":"STANDARD"},"sensitive_values":{"encryption_configuration":[],"logging_configuration":[{}],"tags_all":{},"tracing_configuration":[]},"identity_schema_version":0,"identity":{"arn":null}},{"address":"aws_sqs_queue.iterator_async_dlq[0]","mode":"managed","type":"aws_sqs_queue","name":"iterator_async_dlq","index":0,"provider_name":"registry.terraform.io/hashicorp/aws","schema_version":0,"values":{"content_based_deduplication":false,"delay_seconds":0,"fifo_queue":false,"kms_data_key_reuse_period_seconds":0,"kms_master_key_id":null,"max_message_size":262144,"message_retention_seconds":1209600,"name":"hfl-iterator-async-dlq","receive_wait_time_seconds":0,"region":"us-east-1","sqs_managed_sse_enabled":true,"tags":null,"timeouts":null,"visibility_timeout_seconds":30},"sensitive_values":{"tags_all":{}},"identity_schema_version":1,"identity":{"url":null}},{"address":"aws_sqs_queue_policy.iterator_async_dlq[0]","mode":"managed","type":"aws_sqs_queue_policy","name":"iterator_async_dlq","index":0,"provider_name":"registry.terraform.io/hashicorp/aws","schema_version":1,"values":{"region":"us-east-1"},"sensitive_values":{},"identity_schema_version":1,"identity":{"queue_url":null}}]}},"resource_changes":[{"address":"aws_cloudwatch_log_group.iterator","mode":"managed","type":"aws_cloudwatch_log_group","name":"iterator","provider_name":"registry.terraform.io/hashicorp/aws","change":{"actions":["create"],"before":null,"after":{"kms_key_id":null,"name":"/aws/lambda/hfl-iterator","region":"us-east-1","retention_in_days":14,"skip_destroy":false,"tags":null},"after_unknown":{"arn":true,"deletion_protection_enabled":true,"id":true,"log_group_class":true,"name_prefix":true,"tags_all":true},"before_sensitive":false,"after_sensitive":{"tags_all":{}},"after_identity":{"account_id":null,"name":null,"region":null}}},{"address":"aws_cloudwatch_log_group.sfn","mode":"managed","type":"aws_cloudwatch_log_group","name":"sfn","provider_name":"registry.terraform.io/hashicorp/aws","change":{"actions":["create"],"before":null,"after":{"kms_key_id":null,"name":"/aws/vendedlogs/states/hfl-iterator-sfn","region":"us-east-1","retention_in_days":14,"skip_destroy":false,"tags":null},"after_unknown":{"arn":true,"deletion_protection_enabled":true,"id":true,"log_group_class":true,"name_prefix":true,"tags_all":true},"before_sensitive":false,"after_sensitive":{"tags_all":{}},"after_identity":{"account_id":null,"name":null,"region":null}}},{"address":"aws_iam_role.iterator","mode":"managed","type":"aws_iam_role","name":"iterator","provider_name":"registry.terraform.io/hashicorp/aws","change":{"actions":["create"],"before":null,"after":{"assume_role_policy":"{\"Statement\":[{\"Action\":\"sts:AssumeRole\",\"Effect\":\"Allow\",\"Principal\":{\"Service\":\"lambda.amazonaws.com\"}}],\"Version\":\"2012-10-17\"}","description":null,"force_detach_policies":false,"max_session_duration":3600,"name":"hfl-iterator-role","path":"/","permissions_boundary":null,"tags":null},"after_unknown":{"arn":true,"create_date":true,"id":true,"inline_policy":true,"managed_policy_arns":true,"name_prefix":true,"tags_all":true,"unique_id":true},"before_sensitive":false,"after_sensitive":{"inline_policy":[],"managed_policy_arns":[],"tags_all":{}},"after_identity":{"account_id":null,"name":null}}},{"address":"aws_iam_role.sfn","mode":"managed","type":"aws_iam_role","name":"sfn","provider_name":"registry.terraform.io/hashicorp/aws","change":{"actions":["create"],"before":null,"after":{"assume_role_policy":"{\"Statement\":[{\"Action\":\"sts:AssumeRole\",\"Effect\":\"Allow\",\"Principal\":{\"Service\":\"states.amazonaws.com\"}}],\"Version\":\"2012-10-17\"}","description":null,"force_detach_policies":false,"max_session_duration":3600,"name":"hfl-iterator-sfn-role","path":"/","permissions_boundary":null,"tags":null},"after_unknown":{"arn":true,"create_date":true,"id":true,"inline_policy":true,"managed_policy_arns":true,"name_prefix":true,"tags_all":true,"unique_id":true},"before_sensitive":false,"after_sensitive":{"inline_policy":[],"managed_policy_arns":[],"tags_all":{}},"after_identity":{"account_id":null,"name":null}}},{"address":"aws_iam_role_policy.iterator","mode":"managed","type":"aws_iam_role_policy","name":"iterator","provider_name":"registry.terraform.io/hashicorp/aws","change":{"actions":["create"],"before":null,"after":{"name":"hfl-iterator-policy"},"after_unknown":{"id":true,"name_prefix":true,"policy":true,"role":true},"before_sensitive":false,"after_sensitive":{},"after_identity":{"account_id":null,"name":null,"role":null}}},{"address":"aws_iam_role_policy.sfn","mode":"managed","type":"aws_iam_role_policy","name":"sfn","provider_name":"registry.terraform.io/hashicorp/aws","change":{"actions":["create"],"before":null,"after":{"name":"hfl-iterator-sfn-policy"},"after_unknown":{"id":true,"name_prefix":true,"policy":true,"role":true},"before_sensitive":false,"after_sensitive":{},"after_identity":{"account_id":null,"name":null,"role":null}}},{"address":"aws_lambda_function.iterator","mode":"managed","type":"aws_lambda_function","name":"iterator","provider_name":"registry.terraform.io/hashicorp/aws","change":{"actions":["create"],"before":null,"after":{"capacity_provider_config":[],"code_signing_config_arn":null,"dead_letter_config":[],"description":null,"durable_config":[],"environment":[{"variables":{"LAMBDA":"arn:aws:lambda:us-east-1:000000000000:ai-tf","REGION":"us-east-1"}}],"file_system_config":[],"filename":null,"function_name":"hfl-iterator","handler":"bootstrap","image_config":[],"image_uri":null,"kms_key_arn":null,"layers":null,"memory_size":128,"package_type":"Zip","publish":false,"publish_to":null,"region":"us-east-1","replace_security_groups_on_destroy":null,"replacement_security_group_ids":null,"reserved_concurrent_executions":5,"runtime":"provided.al2","s3_bucket":"ai-tf","s3_key":"iterator.zip","s3_object_version":null,"skip_destroy":false,"snap_start":[],"source_kms_key_arn":null,"tags":null,"tenancy_config":[],"timeout":10,"timeouts":null,"vpc_config":[]},"after_unknown":{"architectures":true,"arn":true,"capacity_provider_config":[],"code_sha256":true,"dead_letter_config":[],"durable_config":[],"environment":[{"variables":{}}],"ephemeral_storage":true,"file_system_config":[],"id":true,"image_config":[],"invoke_arn":true,"last_modified":true,"logging_config":true,"qualified_arn":true,"qualified_invoke_arn":true,"response_streaming_invoke_arn":true,"role":true,"signing_job_arn":true,"signing_profile_version_arn":true,"snap_start":[],"source_code_hash":true,"source_code_size":true,"tags_all":true,"tenancy_config":[],"tracing_config":true,"version":true,"vpc_config":[]},"before_sensitive":false,"after_sensitive":{"architectures":[],"capacity_provider_config":[],"dead_letter_config":[],"durable_config":[],"environment":[{"variables":{}}],"ephemeral_storage":[],"file_system_config":[],"image_config":[],"logging_config":[],"snap_start":[],"tags_all":{},"tenancy_config":[],"tracing_config":[],"vpc_config":[]},"after_identity":{"account_id":null,"function_name":null,"region":null}}},{"address":"aws_lambda_function_event_invoke_config.iterator[0]","mode":"managed","type":"aws_lambda_function_event_invoke_config","name":"iterator","index":0,"provider_name":"registry.terraform.io/hashicorp/aws","change":{"actions":["create"],"before":null,"after":{"destination_config":[{"on_failure":[{}],"on_success":[]}],"function_name":"hfl-iterator","maximum_event_age_in_seconds":null,"maximum_retry_attempts":0,"qualifier":null,"region":"us-east-1"},"after_unknown":{"destination_config":[{"on_failure":[{"destination":true}],"on_success":[]}],"id":true},"before_sensitive":false,"after_sensitive":{"destination_config":[{"on_failure":[{}],"on_success":[]}]}}},{"address":"aws_sfn_state_machine.iterator","mode":"managed","type":"aws_sfn_state_machine","name":"iterator","provider_name":"registry.terraform.io/hashicorp/aws","change":{"actions":["create"],"before":null,"after":{"logging_configuration":[{"include_execution_data":true,"level":"ALL"}],"name":"hfl-iterator-sfn","publish":false,"region":"us-east-1","tags":null,"timeouts":null,"type":"STANDARD"},"after_unknown":{"arn":true,"creation_date":true,"definition":true,"description":true,"encryption_configuration":true,"id":true,"logging_configuration":[{"log_destination":true}],"name_prefix":true,"revision_id":true,"role_arn":true,"state_machine_version_arn":true,"status":true,"tags_all":true,"tracing_configuration":true,"version_description":true},"before_sensitive":false,"after_sensitive":{"encryption_configuration":[],"logging_configuration":[{}],"tags_all":{},"tracing_configuration":[]},"after_identity":{"arn":null}}},{"address":"aws_sqs_queue.iterator_async_dlq[0]","mode":"managed","type":"aws_sqs_queue","name":"iterator_async_dlq","index":0,"provider_name":"registry.terraform.io/hashicorp/aws","change":{"actions":["create"],"before":null,"after":{"content_based_deduplication":false,"delay_seconds":0,"fifo_queue":false,"kms_data_key_reuse_period_seconds":0,"kms_master_key_id":null,"max_message_size":262144,"message_retention_seconds":1209600,"name":"hfl-iterator-async-dlq","receive_wait_time_seconds":0,"region":"us-east-1","sqs_managed_sse_enabled":true,"tags":null,"timeouts":null,"visibility_timeout_seconds":30},"after_unknown":{"arn":true,"deduplication_scope":true,"fifo_throughput_limit":true,"id":true,"name_prefix":true,"policy":true,"redrive_allow_policy":true,"redrive_policy":true,"tags_all":true,"url":true},"before_sensitive":false,"after_sensitive":{"tags_all":{}},"after_identity":{"url":null}}},{"address":"aws_sqs_queue_policy.iterator_async_dlq[0]","mode":"managed","type":"aws_sqs_queue_policy","name":"iterator_async_dlq","index":0,"provider_name":"registry.terraform.io/hashicorp/aws","change":{"actions":["create"],"before":null,"after":{"region":"us-east-1"},"after_unknown":{"id":true,"policy":true,"queue_url":true},"before_sensitive":false,"after_sensitive":{},"after_identity":{"queue_url":null}}}],"output_changes":{"async_failure_dlq_url":{"actions":["create"],"before":null,"after_unknown":true,"before_sensitive":false,"after_sensitive":false},"iterator_lambda_arn":{"actions":["create"],"before":null,"after_unknown":true,"before_sensitive":false,"after_sensitive":false},"iterator_lambda_name":{"actions":["create"],"before":null,"after":"hfl-iterator","after_unknown":false,"before_sensitive":false,"after_sensitive":false},"state_machine_arn":{"actions":["create"],"before":null,"after_unknown":true,"before_sensitive":false,"after_sensitive":false}},"prior_state":{"format_version":"1.0","terraform_version":"1.13.5","values":{"outputs":{"iterator_lambda_name":{"sensitive":false,"value":"hfl-iterator","type":"string"}},"root_module":{"resources":[{"address":"data.aws_caller_identity.current","mode":"data","type":"aws_caller_identity","name":"current","provider_name":"registry.terraform.io/hashicorp/aws","schema_version":0,"values":{"account_id":"000000000000","arn":"arn:aws:iam::000000000000:root","id":"000000000000","user_id":"AKIAIOSFODNN7EXAMPLE"},"sensitive_values":{}},{"address":"data.aws_partition.current","mode":"data","type":"aws_partition","name":"current","provider_name":"registry.terraform.io/hashicorp/aws","schema_version":0,"values":{"dns_suffix":"amazonaws.com","id":"aws","partition":"aws","reverse_dns_prefix":"com.amazonaws"},"sensitive_values":{}},{"address":"data.aws_region.current","mode":"data","type":"aws_region","name":"current","provider_name":"registry.terraform.io/hashicorp/aws","schema_version":0,"values":{"description":"US East (N. Virginia)","endpoint":"ec2.us-east-1.amazonaws.com","id":"us-east-1","name":"us-east-1","region":"us-east-1"},"sensitive_values":{}}]}}},"configuration":{"provider_config":{"aws":{"name":"aws","full_name":"registry.terraform.io/hashicorp/aws","version_constraint":"\u003e= 5.0.0","expressions":{"default_tags":[{"tags":{"references":["var.tags"]}}],"region":{"references":["var.aws_region"]}}}},"root_module":{"outputs":{"async_failure_dlq_url":{"expression":{"references":["aws_sqs_queue.iterator_async_dlq[0].url","aws_sqs_queue.iterator_async_dlq[0]","aws_sqs_queue.iterator_async_dlq"]},"description":"URL of the SQS DLQ used for iterator async failures (if enabled)."},"iterator_lambda_arn":{"expression":{"references":["aws_lambda_function.iterator.arn","aws_lambda_function.iterator"]},"description":"ARN of the iterator/dispatcher Lambda."},"iterator_lambda_name":{"expression":{"references":["aws_lambda_function.iterator.function_name","aws_lambda_function.iterator"]},"description":"Name of the iterator/dispatcher Lambda."},"state_machine_arn":{"expression":{"references":["aws_sfn_state_machine.iterator.arn","aws_sfn_state_machine.iterator"]},"description":"ARN of the Step Functions state machine."}},"resources":[{"address":"aws_cloudwatch_log_group.iterator","mode":"managed","type":"aws_cloudwatch_log_group","name":"iterator","provider_config_key":"aws","expressions":{"name":{"references":["local.iterator_name"]},"retention_in_days":{"references":["var.log_retention_days"]}},"schema_version":0},{"address":"aws_cloudwatch_log_group.sfn","mode":"managed","type":"aws_cloudwatch_log_group","name":"sfn","provider_config_key":"aws","expressions":{"name":{"references":["local.state_machine_name"]},"retention_in_days":{"references":["var.log_retention_days"]}},"schema_version":0},{"address":"aws_iam_role.iterator","mode":"managed","type":"aws_iam_role","name":"iterator","provider_config_key":"aws","expressions":{"assume_role_policy":{"references":["path.module"]},"name":{"references":["local.iterator_name"]}},"schema_version":0},{"address":"aws_iam_role.sfn","mode":"managed","type":"aws_iam_role","name":"sfn","provider_config_key":"aws","expressions":{"assume_role_policy":{},"name":{"references":["local.state_machine_name"]}},"schema_version":0},{"address":"aws_iam_role_policy.iterator","mode":"managed","type":"aws_iam_role_policy","name":"iterator","provider_config_key":"aws","expressions":{"name":{"references":["local.iterator_name"]},"policy":{"references":["aws_cloudwatch_log_group.iterator.arn","aws_cloudwatch_log_group.iterator","var.target_lambda_arn"]},"role":{"references":["aws_iam_role.iterator.id","aws_iam_role.iterator"]}},"schema_version":0},{"address":"aws_iam_role_policy.sfn","mode":"managed","type":"aws_iam_role_policy","name":"sfn","provider_config_key":"aws","expressions":{"name":{"references":["local.state_machine_name"]},"policy":{"references":["aws_lambda_function.iterator.arn","aws_lambda_function.iterator"]},"role":{"references":["aws_iam_role.sfn.id","aws_iam_role.sfn"]}},"schema_version":0},{"address":"aws_lambda_function.iterator","mode":"managed","type":"aws_lambda_function","name":"iterator","provider_config_key":"aws","expressions":{"environment":[{"variables":{"references":["var.aws_region","var.target_lambda_arn"]}}],"function_name":{"references":["local.iterator_name"]},"handler":{"references":["var.lambda_handler"]},"memory_size":{"references":["var.lambda_memory_size"]},"reserved_concurrent_executions":{"references":["var.lambda_reserved_concurrency"]},"role":{"references":["aws_iam_role.iterator.arn","aws_iam_role.iterator"]},"runtime":{"references":["var.lambda_runtime"]},"s3_bucket":{"references":["var.artifact_bucket_name"]},"s3_key":{"references":["var.artifact_key"]},"s3_object_version":{"references":["var.artifact_object_version"]},"timeout":{"references":["var.lambda_timeout"]}},"schema_version":0,"depends_on":["aws_cloudwatch_log_group.iterator"]},{"address":"aws_lambda_function_event_invoke_config.iterator","mode":"managed","type":"aws_lambda_function_event_invoke_config","name":"iterator","provider_config_key":"aws","expressions":{"destination_config":[{"on_failure":[{"destination":{"references":["aws_sqs_queue.iterator_async_dlq[0].arn","aws_sqs_queue.iterator_async_dlq[0]","aws_sqs_queue.iterator_async_dlq"]}}]}],"function_name":{"references":["aws_lambda_function.iterator.function_name","aws_lambda_function.iterator"]},"maximum_retry_attempts":{"constant_value":0}},"schema_version":0,"count_expression":{"references":["var.enable_async_failure_destination"]}},{"address":"aws_sfn_state_machine.iterator","mode":"managed","type":"aws_sfn_state_machine","name":"iterator","provider_config_key":"aws","expressions":{"definition":{"references":["local.sfn_definition"]},"logging_configuration":[{"include_execution_data":{"constant_value":true},"level":{"constant_value":"ALL"},"log_destination":{"references":["aws_cloudwatch_log_group.sfn.arn","aws_cloudwatch_log_group.sfn"]}}],"name":{"references":["local.state_machine_name"]},"role_arn":{"references":["aws_iam_role.sfn.arn","aws_iam_role.sfn"]}},"schema_version":0},{"address":"aws_sqs_queue.iterator_async_dlq","mode":"managed","type":"aws_sqs_queue","name":"iterator_async_dlq","provider_config_key":"aws","expressions":{"message_retention_seconds":{"constant_value":1209600},"name":{"references":["local.iterator_name"]},"sqs_managed_sse_enabled":{"constant_value":true}},"schema_version":0,"count_expression":{"references":["var.enable_async_failure_destination"]}},{"address":"aws_sqs_queue_policy.iterator_async_dlq","mode":"managed","type":"aws_sqs_queue_policy","name":"iterator_async_dlq","provider_config_key":"aws","expressions":{"policy":{"references":["aws_sqs_queue.iterator_async_dlq[0].arn","aws_sqs_queue.iterator_async_dlq[0]","aws_sqs_queue.iterator_async_dlq","aws_lambda_function.iterator.arn","aws_lambda_function.iterator"]},"queue_url":{"references":["aws_sqs_queue.iterator_async_dlq[0].id","aws_sqs_queue.iterator_async_dlq[0]","aws_sqs_queue.iterator_async_dlq"]}},"schema_version":1,"count_expression":{"references":["var.enable_async_failure_destination"]}},{"address":"data.aws_caller_identity.current","mode":"data","type":"aws_caller_identity","name":"current","provider_config_key":"aws","schema_version":0},{"address":"data.aws_partition.current","mode":"data","type":"aws_partition","name":"current","provider_config_key":"aws","schema_version":0},{"address":"data.aws_region.current","mode":"data","type":"aws_region","name":"current","provider_config_key":"aws","schema_version":0}],"variables":{"artifact_bucket_name":{"description":"S3 bucket containing the iterator Lambda deployment package (iterator.zip)."},"artifact_key":{"default":"iterator.zip","description":"S3 key for the iterator Lambda deployment package."},"artifact_object_version":{"default":null,"description":"Optional S3 object version for immutable deployments. If null, latest is used."},"aws_region":{"description":"AWS region to deploy into. Must match the REGION env var used by the iterator Lambda."},"enable_async_failure_destination":{"default":true,"description":"If true, configure an SQS DLQ as async failure destination for the iterator Lambda."},"lambda_handler":{"default":"bootstrap","description":"Lambda handler. For provided.al2, use 'bootstrap'. For go1.x, use the binary name (e.g., 'iterator')."},"lambda_memory_size":{"default":128,"description":"Memory size (MB) for iterator Lambda."},"lambda_reserved_concurrency":{"default":5,"description":"Optional reserved concurrency for iterator Lambda to cap cost and protect downstream. Set null to disable."},"lambda_runtime":{"default":"provided.al2","description":"Lambda runtime for the iterator. Use provided.al2 for Go custom runtime (zip contains 'bootstrap') or go1.x for legacy."},"lambda_timeout":{"default":10,"description":"Timeout (seconds) for iterator Lambda."},"log_retention_days":{"default":14,"description":"CloudWatch log retention in days."},"name_prefix":{"default":"hfl","description":"Prefix used for naming AWS resources."},"sfn_count":{"default":6,"description":"How many iterations the Step Functions loop should run (definition.json uses count=6 by default)."},"sfn_wait_seconds":{"default":10,"description":"Wait time between iterator invocations."},"tags":{"default":{},"description":"Tags to apply to all resources."},"target_lambda_arn":{"description":"ARN of the target Lambda function to invoke asynchronously."}}}},"relevant_attributes":[{"resource":"aws_iam_role.sfn","attribute":["id"]},{"resource":"aws_iam_role.sfn","attribute":["arn"]},{"resource":"aws_lambda_function.iterator","attribute":["function_name"]},{"resource":"data.aws_partition.current","attribute":["partition"]},{"resource":"aws_sfn_state_machine.iterator","attribute":["arn"]},{"resource":"aws_sqs_queue.iterator_async_dlq[0]","attribute":["url"]},{"resource":"aws_iam_role.iterator","attribute":["arn"]},{"resource":"aws_lambda_function.iterator","attribute":["arn"]},{"resource":"aws_sqs_queue.iterator_async_dlq[0]","attribute":["arn"]},{"resource":"aws_cloudwatch_log_group.sfn","attribute":["arn"]},{"resource":"aws_sqs_queue.iterator_async_dlq[0]","attribute":["id"]},{"resource":"aws_cloudwatch_log_group.iterator","attribute":["arn"]},{"resource":"aws_iam_role.iterator","attribute":["id"]}],"timestamp":"2026-01-26T20:30:02Z","applyable":true,"complete":true,"errored":false}
