data.aws_partition.current: Reading...
data.aws_caller_identity.current: Reading...
data.aws_region.current: Reading...
data.aws_region.current: Read complete after 0s [id=us-east-1]
data.aws_partition.current: Read complete after 0s [id=aws]
data.aws_caller_identity.current: Read complete after 0s [id=000000000000]

Terraform used the selected providers to generate the following execution
plan. Resource actions are indicated with the following symbols:
  + create

Terraform will perform the following actions:

  # aws_cloudwatch_log_group.iterator will be created
  + resource "aws_cloudwatch_log_group" "iterator" {
      + arn                         = (known after apply)
      + deletion_protection_enabled = (known after apply)
      + id                          = (known after apply)
      + log_group_class             = (known after apply)
      + name                        = "/aws/lambda/hfl-iterator"
      + name_prefix                 = (known after apply)
      + region                      = "us-east-1"
      + retention_in_days           = 14
      + skip_destroy                = false
      + tags_all                    = (known after apply)
    }

  # aws_cloudwatch_log_group.sfn will be created
  + resource "aws_cloudwatch_log_group" "sfn" {
      + arn                         = (known after apply)
      + deletion_protection_enabled = (known after apply)
      + id                          = (known after apply)
      + log_group_class             = (known after apply)
      + name                        = "/aws/vendedlogs/states/hfl-iterator-sfn"
      + name_prefix                 = (known after apply)
      + region                      = "us-east-1"
      + retention_in_days           = 14
      + skip_destroy                = false
      + tags_all                    = (known after apply)
    }

  # aws_iam_role.iterator will be created
  + resource "aws_iam_role" "iterator" {
      + arn                   = (known after apply)
      + assume_role_policy    = jsonencode(
            {
              + Statement = [
                  + {
                      + Action    = "sts:AssumeRole"
                      + Effect    = "Allow"
                      + Principal = {
                          + Service = "lambda.amazonaws.com"
                        }
                    },
                ]
              + Version   = "2012-10-17"
            }
        )
      + create_date           = (known after apply)
      + force_detach_policies = false
      + id                    = (known after apply)
      + managed_policy_arns   = (known after apply)
      + max_session_duration  = 3600
      + name                  = "hfl-iterator-role"
      + name_prefix           = (known after apply)
      + path                  = "/"
      + tags_all              = (known after apply)
      + unique_id             = (known after apply)

      + inline_policy (known after apply)
    }

  # aws_iam_role.sfn will be created
  + resource "aws_iam_role" "sfn" {
      + arn                   = (known after apply)
      + assume_role_policy    = jsonencode(
            {
              + Statement = [
                  + {
                      + Action    = "sts:AssumeRole"
                      + Effect    = "Allow"
                      + Principal = {
                          + Service = "states.amazonaws.com"
                        }
                    },
                ]
              + Version   = "2012-10-17"
            }
        )
      + create_date           = (known after apply)
      + force_detach_policies = false
      + id                    = (known after apply)
      + managed_policy_arns   = (known after apply)
      + max_session_duration  = 3600
      + name                  = "hfl-iterator-sfn-role"
      + name_prefix           = (known after apply)
      + path                  = "/"
      + tags_all              = (known after apply)
      + unique_id             = (known after apply)

      + inline_policy (known after apply)
    }

  # aws_iam_role_policy.iterator will be created
  + resource "aws_iam_role_policy" "iterator" {
      + id          = (known after apply)
      + name        = "hfl-iterator-policy"
      + name_prefix = (known after apply)
      + policy      = (known after apply)
      + role        = (known after apply)
    }

  # aws_iam_role_policy.sfn will be created
  + resource "aws_iam_role_policy" "sfn" {
      + id          = (known after apply)
      + name        = "hfl-iterator-sfn-policy"
      + name_prefix = (known after apply)
      + policy      = (known after apply)
      + role        = (known after apply)
    }

  # aws_lambda_function.iterator will be created
  + resource "aws_lambda_function" "iterator" {
      + architectures                  = (known after apply)
      + arn                            = (known after apply)
      + code_sha256                    = (known after apply)
      + function_name                  = "hfl-iterator"
      + handler                        = "bootstrap"
      + id                             = (known after apply)
      + invoke_arn                     = (known after apply)
      + last_modified                  = (known after apply)
      + memory_size                    = 128
      + package_type                   = "Zip"
      + publish                        = false
      + qualified_arn                  = (known after apply)
      + qualified_invoke_arn           = (known after apply)
      + region                         = "us-east-1"
      + reserved_concurrent_executions = 5
      + response_streaming_invoke_arn  = (known after apply)
      + role                           = (known after apply)
      + runtime                        = "provided.al2"
      + s3_bucket                      = "ai-tf"
      + s3_key                         = "iterator.zip"
      + signing_job_arn                = (known after apply)
      + signing_profile_version_arn    = (known after apply)
      + skip_destroy                   = false
      + source_code_hash               = (known after apply)
      + source_code_size               = (known after apply)
      + tags_all                       = (known after apply)
      + timeout                        = 10
      + version                        = (known after apply)

      + environment {
          + variables = {
              + "LAMBDA" = "arn:aws:lambda:us-east-1:000000000000:ai-tf"
              + "REGION" = "us-east-1"
            }
        }

      + ephemeral_storage (known after apply)

      + logging_config (known after apply)

      + tracing_config (known after apply)
    }

  # aws_lambda_function_event_invoke_config.iterator[0] will be created
  + resource "aws_lambda_function_event_invoke_config" "iterator" {
      + function_name          = "hfl-iterator"
      + id                     = (known after apply)
      + maximum_retry_attempts = 0
      + region                 = "us-east-1"

      + destination_config {
          + on_failure {
              + destination = (known after apply)
            }
        }
    }

  # aws_sfn_state_machine.iterator will be created
  + resource "aws_sfn_state_machine" "iterator" {
      + arn                       = (known after apply)
      + creation_date             = (known after apply)
      + definition                = (known after apply)
      + description               = (known after apply)
      + id                        = (known after apply)
      + name                      = "hfl-iterator-sfn"
      + name_prefix               = (known after apply)
      + publish                   = false
      + region                    = "us-east-1"
      + revision_id               = (known after apply)
      + role_arn                  = (known after apply)
      + state_machine_version_arn = (known after apply)
      + status                    = (known after apply)
      + tags_all                  = (known after apply)
      + type                      = "STANDARD"
      + version_description       = (known after apply)

      + encryption_configuration (known after apply)

      + logging_configuration {
          + include_execution_data = true
          + level                  = "ALL"
          + log_destination        = (known after apply)
        }

      + tracing_configuration (known after apply)
    }

  # aws_sqs_queue.iterator_async_dlq[0] will be created
  + resource "aws_sqs_queue" "iterator_async_dlq" {
      + arn                               = (known after apply)
      + content_based_deduplication       = false
      + deduplication_scope               = (known after apply)
      + delay_seconds                     = 0
      + fifo_queue                        = false
      + fifo_throughput_limit             = (known after apply)
      + id                                = (known after apply)
      + kms_data_key_reuse_period_seconds = 0
      + max_message_size                  = 262144
      + message_retention_seconds         = 1209600
      + name                              = "hfl-iterator-async-dlq"
      + name_prefix                       = (known after apply)
      + policy                            = (known after apply)
      + receive_wait_time_seconds         = 0
      + redrive_allow_policy              = (known after apply)
      + redrive_policy                    = (known after apply)
      + region                            = "us-east-1"
      + sqs_managed_sse_enabled           = true
      + tags_all                          = (known after apply)
      + url                               = (known after apply)
      + visibility_timeout_seconds        = 30
    }

  # aws_sqs_queue_policy.iterator_async_dlq[0] will be created
  + resource "aws_sqs_queue_policy" "iterator_async_dlq" {
      + id        = (known after apply)
      + policy    = (known after apply)
      + queue_url = (known after apply)
      + region    = "us-east-1"
    }

Plan: 11 to add, 0 to change, 0 to destroy.

Changes to Outputs:
  + async_failure_dlq_url = (known after apply)
  + iterator_lambda_arn   = (known after apply)
  + iterator_lambda_name  = "hfl-iterator"
  + state_machine_arn     = (known after apply)
