{
  "version": 4,
  "terraform_version": "1.13.5",
  "serial": 1,
  "lineage": "bb40f46b-8e15-06b9-cccf-5616bd751278",
  "outputs": {},
  "resources": [
    {
      "mode": "managed",
      "type": "random_id",
      "name": "suffix",
      "provider": "provider[\"registry.terraform.io/hashicorp/random\"]",
      "instances": [
        {
          "schema_version": 0,
          "attributes": {
            "b64_std": "AWDwBA==",
            "b64_url": "AWDwBA",
            "byte_length": 4,
            "dec": "23130116",
            "hex": "0160f004",
            "id": "AWDwBA",
            "keepers": null,
            "prefix": null
          },
          "sensitive_attributes": [],
          "identity_schema_version": 0
        }
      ]
    }
  ],
  "check_results": null
}
