{"format_version":"1.2","terraform_version":"1.13.5","planned_values":{"root_module":{"resources":[{"address":"docker_container.server_1","mode":"managed","type":"docker_container","name":"server_1","provider_name":"registry.terraform.io/kreuzwerker/docker","schema_version":2,"values":{"attach":false,"capabilities":[],"cgroupns_mode":null,"container_read_refresh_timeout_milliseconds":15000,"cpu_set":null,"cpu_shares":null,"destroy_grace_seconds":null,"devices":[],"dns":null,"dns_opts":null,"dns_search":null,"domainname":null,"gpus":null,"group_add":null,"host":[],"hostname":"server-1","log_opts":null,"logs":false,"max_retry_count":null,"memory":null,"memory_swap":null,"mounts":[],"must_run":true,"name":"server-1","network_mode":null,"networks_advanced":[{"aliases":[],"ipv4_address":"172.18.0.2","ipv6_address":""}],"pid_mode":null,"ports":[],"privileged":null,"publish_all_ports":true,"read_only":false,"remove_volumes":true,"restart":"no","rm":false,"runtime":"sysbox-runc","start":true,"stdin_open":true,"storage_opts":null,"sysctls":null,"tmpfs":null,"tty":true,"ulimit":[],"upload":[],"user":null,"userns_mode":null,"volumes":[],"wait":false,"wait_timeout":60,"working_dir":null},"sensitive_values":{"capabilities":[],"command":[],"devices":[],"entrypoint":[],"env":[],"healthcheck":[],"host":[],"labels":[],"mounts":[],"network_data":[],"networks_advanced":[{"aliases":[]}],"ports":[],"security_opts":[],"ulimit":[],"upload":[],"volumes":[]}},{"address":"docker_container.server_2","mode":"managed","type":"docker_container","name":"server_2","provider_name":"registry.terraform.io/kreuzwerker/docker","schema_version":2,"values":{"attach":false,"capabilities":[],"cgroupns_mode":null,"container_read_refresh_timeout_milliseconds":15000,"cpu_set":null,"cpu_shares":null,"destroy_grace_seconds":null,"devices":[],"dns":null,"dns_opts":null,"dns_search":null,"domainname":null,"gpus":null,"group_add":null,"host":[],"hostname":"server-2","log_opts":null,"logs":false,"max_retry_count":null,"memory":null,"memory_swap":null,"mounts":[],"must_run":true,"name":"server-2","network_mode":null,"networks_advanced":[{"aliases":[],"ipv4_address":"172.18.0.3","ipv6_address":""}],"pid_mode":null,"ports":[],"privileged":null,"publish_all_ports":true,"read_only":false,"remove_volumes":true,"restart":"no","rm":false,"runtime":"sysbox-runc","start":true,"stdin_open":true,"storage_opts":null,"sysctls":null,"tmpfs":null,"tty":true,"ulimit":[],"upload":[],"user":null,"userns_mode":null,"volumes":[],"wait":false,"wait_timeout":60,"working_dir":null},"sensitive_values":{"capabilities":[],"command":[],"devices":[],"entrypoint":[],"env":[],"healthcheck":[],"host":[],"labels":[],"mounts":[],"network_data":[],"networks_advanced":[{"aliases":[]}],"ports":[],"security_opts":[],"ulimit":[],"upload":[],"volumes":[]}},{"address":"docker_image.server","mode":"managed","type":"docker_image","name":"server","provider_name":"registry.terraform.io/kreuzwerker/docker","schema_version":0,"values":{"build":[],"force_remove":null,"keep_locally":true,"name":"server:latest","platform":null,"pull_triggers":null,"triggers":null},"sensitive_values":{"build":[]}},{"address":"docker_network.devops_net","mode":"managed","type":"docker_network","name":"devops_net","provider_name":"registry.terraform.io/kreuzwerker/docker","schema_version":1,"values":{"attachable":null,"check_duplicate":null,"driver":"bridge","ingress":null,"ipam_config":[{"aux_address":null,"gateway":"","ip_range":"","subnet":"172.18.0.0/16"}],"ipam_driver":"default","ipam_options":null,"ipv6":null,"labels":[],"name":"devops-net"},"sensitive_values":{"ipam_config":[{}],"labels":[],"options":{}}}]}},"resource_changes":[{"address":"docker_container.server_1","mode":"managed","type":"docker_container","name":"server_1","provider_name":"registry.terraform.io/kreuzwerker/docker","change":{"actions":["create"],"before":null,"after":{"attach":false,"capabilities":[],"cgroupns_mode":null,"container_read_refresh_timeout_milliseconds":15000,"cpu_set":null,"cpu_shares":null,"destroy_grace_seconds":null,"devices":[],"dns":null,"dns_opts":null,"dns_search":null,"domainname":null,"gpus":null,"group_add":null,"host":[],"hostname":"server-1","log_opts":null,"logs":false,"max_retry_count":null,"memory":null,"memory_swap":null,"mounts":[],"must_run":true,"name":"server-1","network_mode":null,"networks_advanced":[{"aliases":[],"ipv4_address":"172.18.0.2","ipv6_address":""}],"pid_mode":null,"ports":[],"privileged":null,"publish_all_ports":true,"read_only":false,"remove_volumes":true,"restart":"no","rm":false,"runtime":"sysbox-runc","start":true,"stdin_open":true,"storage_opts":null,"sysctls":null,"tmpfs":null,"tty":true,"ulimit":[],"upload":[],"user":null,"userns_mode":null,"volumes":[],"wait":false,"wait_timeout":60,"working_dir":null},"after_unknown":{"bridge":true,"capabilities":[],"command":true,"container_logs":true,"devices":[],"entrypoint":true,"env":true,"exit_code":true,"healthcheck":true,"host":[],"id":true,"image":true,"init":true,"ipc_mode":true,"labels":true,"log_driver":true,"mounts":[],"network_data":true,"networks_advanced":[{"aliases":[],"name":true}],"ports":[],"security_opts":true,"shm_size":true,"stop_signal":true,"stop_timeout":true,"ulimit":[],"upload":[],"volumes":[]},"before_sensitive":false,"after_sensitive":{"capabilities":[],"command":[],"devices":[],"entrypoint":[],"env":[],"healthcheck":[],"host":[],"labels":[],"mounts":[],"network_data":[],"networks_advanced":[{"aliases":[]}],"ports":[],"security_opts":[],"ulimit":[],"upload":[],"volumes":[]}}},{"address":"docker_container.server_2","mode":"managed","type":"docker_container","name":"server_2","provider_name":"registry.terraform.io/kreuzwerker/docker","change":{"actions":["create"],"before":null,"after":{"attach":false,"capabilities":[],"cgroupns_mode":null,"container_read_refresh_timeout_milliseconds":15000,"cpu_set":null,"cpu_shares":null,"destroy_grace_seconds":null,"devices":[],"dns":null,"dns_opts":null,"dns_search":null,"domainname":null,"gpus":null,"group_add":null,"host":[],"hostname":"server-2","log_opts":null,"logs":false,"max_retry_count":null,"memory":null,"memory_swap":null,"mounts":[],"must_run":true,"name":"server-2","network_mode":null,"networks_advanced":[{"aliases":[],"ipv4_address":"172.18.0.3","ipv6_address":""}],"pid_mode":null,"ports":[],"privileged":null,"publish_all_ports":true,"read_only":false,"remove_volumes":true,"restart":"no","rm":false,"runtime":"sysbox-runc","start":true,"stdin_open":true,"storage_opts":null,"sysctls":null,"tmpfs":null,"tty":true,"ulimit":[],"upload":[],"user":null,"userns_mode":null,"volumes":[],"wait":false,"wait_timeout":60,"working_dir":null},"after_unknown":{"bridge":true,"capabilities":[],"command":true,"container_logs":true,"devices":[],"entrypoint":true,"env":true,"exit_code":true,"healthcheck":true,"host":[],"id":true,"image":true,"init":true,"ipc_mode":true,"labels":true,"log_driver":true,"mounts":[],"network_data":true,"networks_advanced":[{"aliases":[],"name":true}],"ports":[],"security_opts":true,"shm_size":true,"stop_signal":true,"stop_timeout":true,"ulimit":[],"upload":[],"volumes":[]},"before_sensitive":false,"after_sensitive":{"capabilities":[],"command":[],"devices":[],"entrypoint":[],"env":[],"healthcheck":[],"host":[],"labels":[],"mounts":[],"network_data":[],"networks_advanced":[{"aliases":[]}],"ports":[],"security_opts":[],"ulimit":[],"upload":[],"volumes":[]}}},{"address":"docker_image.server","mode":"managed","type":"docker_image","name":"server","provider_name":"registry.terraform.io/kreuzwerker/docker","change":{"actions":["create"],"before":null,"after":{"build":[],"force_remove":null,"keep_locally":true,"name":"server:latest","platform":null,"pull_triggers":null,"triggers":null},"after_unknown":{"build":[],"id":true,"image_id":true,"repo_digest":true},"before_sensitive":false,"after_sensitive":{"build":[]}}},{"address":"docker_network.devops_net","mode":"managed","type":"docker_network","name":"devops_net","provider_name":"registry.terraform.io/kreuzwerker/docker","change":{"actions":["create"],"before":null,"after":{"attachable":null,"check_duplicate":null,"driver":"bridge","ingress":null,"ipam_config":[{"aux_address":null,"gateway":"","ip_range":"","subnet":"172.18.0.0/16"}],"ipam_driver":"default","ipam_options":null,"ipv6":null,"labels":[],"name":"devops-net"},"after_unknown":{"id":true,"internal":true,"ipam_config":[{}],"labels":[],"options":true,"scope":true},"before_sensitive":false,"after_sensitive":{"ipam_config":[{}],"labels":[],"options":{}}}}],"configuration":{"provider_config":{"aws":{"name":"aws","full_name":"registry.terraform.io/hashicorp/aws","expressions":{"access_key":{"constant_value":"mock"},"endpoints":[{"apigateway":{"constant_value":"http://localhost:4566"},"apigatewayv2":{"constant_value":"http://localhost:4566"},"cloudwatch":{"constant_value":"http://localhost:4566"},"cloudwatchevents":{"constant_value":"http://localhost:4566"},"dynamodb":{"constant_value":"http://localhost:4566"},"ec2":{"constant_value":"http://localhost:4566"},"ecr":{"constant_value":"http://localhost:4566"},"ecrpublic":{"constant_value":"http://localhost:4566"},"ecs":{"constant_value":"http://localhost:4566"},"efs":{"constant_value":"http://localhost:4566"},"iam":{"constant_value":"http://localhost:4566"},"kinesis":{"constant_value":"http://localhost:4566"},"kms":{"constant_value":"http://localhost:4566"},"lambda":{"constant_value":"http://localhost:4566"},"logs":{"constant_value":"http://localhost:4566"},"route53":{"constant_value":"http://localhost:4566"},"s3":{"constant_value":"http://localhost:4566"},"s3control":{"constant_value":"http://localhost:4566"},"secretsmanager":{"constant_value":"http://localhost:4566"},"sns":{"constant_value":"http://localhost:4566"},"sqs":{"constant_value":"http://localhost:4566"},"ssm":{"constant_value":"http://localhost:4566"},"sts":{"constant_value":"http://localhost:4566"}}],"region":{"constant_value":"us-east-1"},"s3_use_path_style":{"constant_value":true},"secret_key":{"constant_value":"mock"},"skip_credentials_validation":{"constant_value":true},"skip_metadata_api_check":{"constant_value":true},"skip_region_validation":{"constant_value":true},"skip_requesting_account_id":{"constant_value":true}}},"docker":{"name":"docker","full_name":"registry.terraform.io/kreuzwerker/docker","version_constraint":"3.0.2","expressions":{"host":{"constant_value":"unix:///var/run/docker.sock"}}}},"root_module":{"resources":[{"address":"docker_container.server_1","mode":"managed","type":"docker_container","name":"server_1","provider_config_key":"docker","expressions":{"attach":{"constant_value":false},"hostname":{"constant_value":"server-1"},"image":{"references":["docker_image.server.image_id","docker_image.server"]},"name":{"constant_value":"server-1"},"networks_advanced":[{"ipv4_address":{"constant_value":"172.18.0.2"},"name":{"references":["docker_network.devops_net.id","docker_network.devops_net"]}}],"publish_all_ports":{"constant_value":true},"runtime":{"constant_value":"sysbox-runc"},"stdin_open":{"constant_value":true},"tty":{"constant_value":true}},"schema_version":2},{"address":"docker_container.server_2","mode":"managed","type":"docker_container","name":"server_2","provider_config_key":"docker","expressions":{"attach":{"constant_value":false},"hostname":{"constant_value":"server-2"},"image":{"references":["docker_image.server.image_id","docker_image.server"]},"name":{"constant_value":"server-2"},"networks_advanced":[{"ipv4_address":{"constant_value":"172.18.0.3"},"name":{"references":["docker_network.devops_net.id","docker_network.devops_net"]}}],"publish_all_ports":{"constant_value":true},"runtime":{"constant_value":"sysbox-runc"},"stdin_open":{"constant_value":true},"tty":{"constant_value":true}},"schema_version":2},{"address":"docker_image.server","mode":"managed","type":"docker_image","name":"server","provider_config_key":"docker","expressions":{"keep_locally":{"constant_value":true},"name":{"constant_value":"server:latest"}},"schema_version":0},{"address":"docker_network.devops_net","mode":"managed","type":"docker_network","name":"devops_net","provider_config_key":"docker","expressions":{"driver":{"constant_value":"bridge"},"ipam_config":[{"subnet":{"constant_value":"172.18.0.0/16"}}],"name":{"constant_value":"devops-net"}},"schema_version":1}]}},"relevant_attributes":[{"resource":"docker_image.server","attribute":["image_id"]},{"resource":"docker_network.devops_net","attribute":["id"]}],"timestamp":"2026-01-25T21:59:03Z","applyable":true,"complete":true,"errored":false}
