data.aws_vpc.default: Reading...
data.aws_region.current: Reading...
data.aws_caller_identity.current: Reading...
data.aws_region.current: Read complete after 0s [id=us-east-1]
data.aws_caller_identity.current: Read complete after 0s [id=000000000000]
data.aws_vpc.default: Read complete after 0s [id=vpc-0062f9c74df2e057d]
data.aws_subnets.default: Reading...
data.aws_subnets.default: Read complete after 0s [id=us-east-1]

Terraform used the selected providers to generate the following execution
plan. Resource actions are indicated with the following symbols:
  + create

Terraform will perform the following actions:

  # aws_cloudwatch_log_group.app will be created
  + resource "aws_cloudwatch_log_group" "app" {
      + arn               = (known after apply)
      + id                = (known after apply)
      + log_group_class   = (known after apply)
      + name              = "/ecs/hello-node"
      + name_prefix       = (known after apply)
      + retention_in_days = 7
      + skip_destroy      = false
      + tags_all          = {
          + "Managed" = "terraform"
          + "Project" = "hello-node"
        }
    }

  # aws_ecs_cluster.this will be created
  + resource "aws_ecs_cluster" "this" {
      + arn      = (known after apply)
      + id       = (known after apply)
      + name     = "hello-node-cluster"
      + tags_all = {
          + "Managed" = "terraform"
          + "Project" = "hello-node"
        }

      + setting (known after apply)
    }

  # aws_ecs_service.this will be created
  + resource "aws_ecs_service" "this" {
      + availability_zone_rebalancing      = "DISABLED"
      + cluster                            = (known after apply)
      + deployment_maximum_percent         = 200
      + deployment_minimum_healthy_percent = 100
      + desired_count                      = 1
      + enable_ecs_managed_tags            = false
      + enable_execute_command             = false
      + iam_role                           = (known after apply)
      + id                                 = (known after apply)
      + launch_type                        = "FARGATE"
      + name                               = "hello-node-svc"
      + platform_version                   = (known after apply)
      + scheduling_strategy                = "REPLICA"
      + tags_all                           = {
          + "Managed" = "terraform"
          + "Project" = "hello-node"
        }
      + task_definition                    = (known after apply)
      + triggers                           = (known after apply)
      + wait_for_steady_state              = false

      + load_balancer {
          + container_name   = "app"
          + container_port   = 3000
          + target_group_arn = (known after apply)
            # (1 unchanged attribute hidden)
        }

      + network_configuration {
          + assign_public_ip = true
          + security_groups  = (known after apply)
          + subnets          = [
              + "subnet-07f384e40d1f17dcd",
              + "subnet-0cd4eacbbc6bd75b1",
              + "subnet-7bb3baa9b08d5378d",
              + "subnet-817d1dcc65aeee93c",
              + "subnet-d6dc7653d62d9b481",
              + "subnet-f1503c258d6849e76",
            ]
        }
    }

  # aws_ecs_task_definition.this will be created
  + resource "aws_ecs_task_definition" "this" {
      + arn                      = (known after apply)
      + arn_without_revision     = (known after apply)
      + container_definitions    = jsonencode(
            [
              + {
                  + environment      = [
                      + {
                          + name  = "PORT"
                          + value = "3000"
                        },
                    ]
                  + essential        = true
                  + image            = "public.ecr.aws/docker/library/node:16-alpine"
                  + logConfiguration = {
                      + logDriver = "awslogs"
                      + options   = {
                          + awslogs-group         = "/ecs/hello-node"
                          + awslogs-region        = "us-east-1"
                          + awslogs-stream-prefix = "ecs"
                        }
                    }
                  + name             = "app"
                  + portMappings     = [
                      + {
                          + containerPort = 3000
                          + protocol      = "tcp"
                        },
                    ]
                },
            ]
        )
      + cpu                      = "256"
      + enable_fault_injection   = (known after apply)
      + execution_role_arn       = (known after apply)
      + family                   = "hello-node"
      + id                       = (known after apply)
      + memory                   = "512"
      + network_mode             = "awsvpc"
      + requires_compatibilities = [
          + "FARGATE",
        ]
      + revision                 = (known after apply)
      + skip_destroy             = false
      + tags_all                 = {
          + "Managed" = "terraform"
          + "Project" = "hello-node"
        }
      + track_latest             = false
    }

  # aws_iam_role.ecs_task_execution will be created
  + resource "aws_iam_role" "ecs_task_execution" {
      + arn                   = (known after apply)
      + assume_role_policy    = jsonencode(
            {
              + Statement = [
                  + {
                      + Action    = "sts:AssumeRole"
                      + Effect    = "Allow"
                      + Principal = {
                          + Service = "ecs-tasks.amazonaws.com"
                        }
                    },
                ]
              + Version   = "2012-10-17"
            }
        )
      + create_date           = (known after apply)
      + force_detach_policies = false
      + id                    = (known after apply)
      + managed_policy_arns   = (known after apply)
      + max_session_duration  = 3600
      + name                  = "hello-node-ecs-task-exec"
      + name_prefix           = (known after apply)
      + path                  = "/"
      + tags_all              = {
          + "Managed" = "terraform"
          + "Project" = "hello-node"
        }
      + unique_id             = (known after apply)

      + inline_policy (known after apply)
    }

  # aws_iam_role_policy_attachment.ecs_task_execution will be created
  + resource "aws_iam_role_policy_attachment" "ecs_task_execution" {
      + id         = (known after apply)
      + policy_arn = "arn:aws:iam::aws:policy/service-role/AmazonECSTaskExecutionRolePolicy"
      + role       = "hello-node-ecs-task-exec"
    }

  # aws_lb.this will be created
  + resource "aws_lb" "this" {
      + arn                                                          = (known after apply)
      + arn_suffix                                                   = (known after apply)
      + client_keep_alive                                            = 3600
      + desync_mitigation_mode                                       = "defensive"
      + dns_name                                                     = (known after apply)
      + drop_invalid_header_fields                                   = false
      + enable_deletion_protection                                   = false
      + enable_http2                                                 = true
      + enable_tls_version_and_cipher_suite_headers                  = false
      + enable_waf_fail_open                                         = false
      + enable_xff_client_port                                       = false
      + enable_zonal_shift                                           = false
      + enforce_security_group_inbound_rules_on_private_link_traffic = (known after apply)
      + id                                                           = (known after apply)
      + idle_timeout                                                 = 60
      + internal                                                     = false
      + ip_address_type                                              = (known after apply)
      + load_balancer_type                                           = "application"
      + name                                                         = "hello-node-alb"
      + name_prefix                                                  = (known after apply)
      + preserve_host_header                                         = false
      + security_groups                                              = (known after apply)
      + subnets                                                      = [
          + "subnet-07f384e40d1f17dcd",
          + "subnet-0cd4eacbbc6bd75b1",
          + "subnet-7bb3baa9b08d5378d",
          + "subnet-817d1dcc65aeee93c",
          + "subnet-d6dc7653d62d9b481",
          + "subnet-f1503c258d6849e76",
        ]
      + tags_all                                                     = {
          + "Managed" = "terraform"
          + "Project" = "hello-node"
        }
      + vpc_id                                                       = (known after apply)
      + xff_header_processing_mode                                   = "append"
      + zone_id                                                      = (known after apply)

      + subnet_mapping (known after apply)
    }

  # aws_lb_listener.http will be created
  + resource "aws_lb_listener" "http" {
      + arn                                                                   = (known after apply)
      + id                                                                    = (known after apply)
      + load_balancer_arn                                                     = (known after apply)
      + port                                                                  = 80
      + protocol                                                              = "HTTP"
      + routing_http_request_x_amzn_mtls_clientcert_header_name               = (known after apply)
      + routing_http_request_x_amzn_mtls_clientcert_issuer_header_name        = (known after apply)
      + routing_http_request_x_amzn_mtls_clientcert_leaf_header_name          = (known after apply)
      + routing_http_request_x_amzn_mtls_clientcert_serial_number_header_name = (known after apply)
      + routing_http_request_x_amzn_mtls_clientcert_subject_header_name       = (known after apply)
      + routing_http_request_x_amzn_mtls_clientcert_validity_header_name      = (known after apply)
      + routing_http_request_x_amzn_tls_cipher_suite_header_name              = (known after apply)
      + routing_http_request_x_amzn_tls_version_header_name                   = (known after apply)
      + routing_http_response_access_control_allow_credentials_header_value   = (known after apply)
      + routing_http_response_access_control_allow_headers_header_value       = (known after apply)
      + routing_http_response_access_control_allow_methods_header_value       = (known after apply)
      + routing_http_response_access_control_allow_origin_header_value        = (known after apply)
      + routing_http_response_access_control_expose_headers_header_value      = (known after apply)
      + routing_http_response_access_control_max_age_header_value             = (known after apply)
      + routing_http_response_content_security_policy_header_value            = (known after apply)
      + routing_http_response_server_enabled                                  = (known after apply)
      + routing_http_response_strict_transport_security_header_value          = (known after apply)
      + routing_http_response_x_content_type_options_header_value             = (known after apply)
      + routing_http_response_x_frame_options_header_value                    = (known after apply)
      + ssl_policy                                                            = (known after apply)
      + tags_all                                                              = {
          + "Managed" = "terraform"
          + "Project" = "hello-node"
        }
      + tcp_idle_timeout_seconds                                              = (known after apply)

      + default_action {
          + order            = (known after apply)
          + target_group_arn = (known after apply)
          + type             = "forward"
        }

      + mutual_authentication (known after apply)
    }

  # aws_lb_target_group.this will be created
  + resource "aws_lb_target_group" "this" {
      + arn                                = (known after apply)
      + arn_suffix                         = (known after apply)
      + connection_termination             = (known after apply)
      + deregistration_delay               = "300"
      + id                                 = (known after apply)
      + ip_address_type                    = (known after apply)
      + lambda_multi_value_headers_enabled = false
      + load_balancer_arns                 = (known after apply)
      + load_balancing_algorithm_type      = (known after apply)
      + load_balancing_anomaly_mitigation  = (known after apply)
      + load_balancing_cross_zone_enabled  = (known after apply)
      + name                               = "hello-node-tg"
      + name_prefix                        = (known after apply)
      + port                               = 3000
      + preserve_client_ip                 = (known after apply)
      + protocol                           = "HTTP"
      + protocol_version                   = (known after apply)
      + proxy_protocol_v2                  = false
      + slow_start                         = 0
      + tags_all                           = {
          + "Managed" = "terraform"
          + "Project" = "hello-node"
        }
      + target_type                        = "ip"
      + vpc_id                             = "vpc-0062f9c74df2e057d"

      + health_check {
          + enabled             = true
          + healthy_threshold   = 2
          + interval            = 30
          + matcher             = "200-399"
          + path                = "/"
          + port                = "traffic-port"
          + protocol            = "HTTP"
          + timeout             = 5
          + unhealthy_threshold = 2
        }

      + stickiness (known after apply)

      + target_failover (known after apply)

      + target_group_health (known after apply)

      + target_health_state (known after apply)
    }

  # aws_security_group.alb will be created
  + resource "aws_security_group" "alb" {
      + arn                    = (known after apply)
      + description            = "ALB security group for hello-node"
      + egress                 = [
          + {
              + cidr_blocks      = [
                  + "0.0.0.0/0",
                ]
              + from_port        = 0
              + ipv6_cidr_blocks = []
              + prefix_list_ids  = []
              + protocol         = "-1"
              + security_groups  = []
              + self             = false
              + to_port          = 0
                # (1 unchanged attribute hidden)
            },
        ]
      + id                     = (known after apply)
      + ingress                = [
          + {
              + cidr_blocks      = [
                  + "0.0.0.0/0",
                ]
              + description      = "HTTP"
              + from_port        = 80
              + ipv6_cidr_blocks = []
              + prefix_list_ids  = []
              + protocol         = "tcp"
              + security_groups  = []
              + self             = false
              + to_port          = 80
            },
        ]
      + name                   = "hello-node-alb"
      + name_prefix            = (known after apply)
      + owner_id               = (known after apply)
      + revoke_rules_on_delete = false
      + tags_all               = {
          + "Managed" = "terraform"
          + "Project" = "hello-node"
        }
      + vpc_id                 = "vpc-0062f9c74df2e057d"
    }

  # aws_security_group.service will be created
  + resource "aws_security_group" "service" {
      + arn                    = (known after apply)
      + description            = "Security group for hello-node ECS service"
      + egress                 = [
          + {
              + cidr_blocks      = [
                  + "0.0.0.0/0",
                ]
              + from_port        = 0
              + ipv6_cidr_blocks = []
              + prefix_list_ids  = []
              + protocol         = "-1"
              + security_groups  = []
              + self             = false
              + to_port          = 0
                # (1 unchanged attribute hidden)
            },
        ]
      + id                     = (known after apply)
      + ingress                = [
          + {
              + cidr_blocks      = [
                  + "0.0.0.0/0",
                ]
              + description      = "HTTP"
              + from_port        = 80
              + ipv6_cidr_blocks = []
              + prefix_list_ids  = []
              + protocol         = "tcp"
              + security_groups  = []
              + self             = false
              + to_port          = 80
            },
        ]
      + name                   = "hello-node-svc"
      + name_prefix            = (known after apply)
      + owner_id               = (known after apply)
      + revoke_rules_on_delete = false
      + tags_all               = {
          + "Managed" = "terraform"
          + "Project" = "hello-node"
        }
      + vpc_id                 = "vpc-0062f9c74df2e057d"
    }

Plan: 11 to add, 0 to change, 0 to destroy.

Changes to Outputs:
  + alb_dns_name        = (known after apply)
  + ecs_cluster_name    = "hello-node-cluster"
  + ecs_service_name    = "hello-node-svc"
  + task_definition_arn = (known after apply)
aws_ecs_cluster.this: Creating...
aws_iam_role.ecs_task_execution: Creating...
aws_cloudwatch_log_group.app: Creating...
aws_lb_target_group.this: Creating...
aws_security_group.service: Creating...
aws_security_group.alb: Creating...
aws_security_group.alb: Creation complete after 0s [id=sg-7968af900d00b189a]
aws_security_group.service: Creation complete after 0s [id=sg-b55af60dea1347fc0]
aws_lb.this: Creating...
aws_iam_role.ecs_task_execution: Creation complete after 1s [id=hello-node-ecs-task-exec]
aws_iam_role_policy_attachment.ecs_task_execution: Creating...
aws_iam_role_policy_attachment.ecs_task_execution: Creation complete after 0s [id=hello-node-ecs-task-exec-20260125205729851200000001]
aws_lb_target_group.this: Creation complete after 1s [id=arn:aws:elasticloadbalancing:us-east-1:000000000000:targetgroup/hello-node-tg/448559b325a7c2f3]
aws_cloudwatch_log_group.app: Creation complete after 3s [id=/ecs/hello-node]
aws_ecs_task_definition.this: Creating...
aws_ecs_task_definition.this: Creation complete after 0s [id=hello-node]
aws_ecs_cluster.this: Still creating... [00m10s elapsed]
aws_lb.this: Still creating... [00m10s elapsed]
aws_ecs_cluster.this: Creation complete after 11s [id=arn:aws:ecs:us-east-1:000000000000:cluster/hello-node-cluster]
aws_lb.this: Still creating... [00m20s elapsed]
aws_lb.this: Still creating... [00m30s elapsed]
aws_lb.this: Still creating... [00m40s elapsed]
aws_lb.this: Still creating... [00m50s elapsed]
aws_lb.this: Still creating... [01m00s elapsed]
aws_lb.this: Creation complete after 1m6s [id=arn:aws:elasticloadbalancing:us-east-1:000000000000:loadbalancer/app/hello-node-alb/1f933f1f0d01362f]
aws_lb_listener.http: Creating...
aws_lb_listener.http: Creation complete after 0s [id=arn:aws:elasticloadbalancing:us-east-1:000000000000:listener/app/hello-node-alb/1f933f1f0d01362f/bad598fe7ba0ba73]
aws_ecs_service.this: Creating...
aws_ecs_service.this: Still creating... [00m10s elapsed]
aws_ecs_service.this: Creation complete after 14s [id=arn:aws:ecs:us-east-1:000000000000:service/hello-node-cluster/hello-node-svc]

Apply complete! Resources: 11 added, 0 changed, 0 destroyed.

Outputs:

alb_dns_name = "hello-node-alb.elb.localhost.localstack.cloud"
ecs_cluster_name = "hello-node-cluster"
ecs_service_name = "hello-node-svc"
task_definition_arn = "arn:aws:ecs:us-east-1:000000000000:task-definition/hello-node:1"
