{
  "version": 4,
  "terraform_version": "1.13.5",
  "serial": 1,
  "lineage": "8f197c9a-7d30-6014-4329-bae12c50778f",
  "outputs": {
    "aws_region": {
      "value": "us-east-1",
      "type": "string"
    }
  },
  "resources": [
    {
      "mode": "managed",
      "type": "random_id",
      "name": "suffix",
      "provider": "provider[\"registry.terraform.io/hashicorp/random\"]",
      "instances": [
        {
          "schema_version": 0,
          "attributes": {
            "b64_std": "AqsgxQ==",
            "b64_url": "AqsgxQ",
            "byte_length": 4,
            "dec": "44769477",
            "hex": "02ab20c5",
            "id": "AqsgxQ",
            "keepers": null,
            "prefix": null
          },
          "sensitive_attributes": [],
          "identity_schema_version": 0
        }
      ]
    }
  ],
  "check_results": null
}
