data.aws_region.current: Reading...
data.aws_caller_identity.current: Reading...
data.aws_partition.current: Reading...
data.aws_partition.current: Read complete after 0s [id=aws]
data.aws_region.current: Read complete after 0s [id=us-east-1]
data.aws_caller_identity.current: Read complete after 0s [id=000000000000]

Terraform used the selected providers to generate the following execution
plan. Resource actions are indicated with the following symbols:
  + create

Terraform will perform the following actions:

  # aws_iam_policy.cli_execution will be created
  + resource "aws_iam_policy" "cli_execution" {
      + arn              = (known after apply)
      + attachment_count = (known after apply)
      + id               = (known after apply)
      + name             = (known after apply)
      + name_prefix      = "awsS3BucketList-dev-cli-"
      + path             = "/"
      + policy           = jsonencode(
            {
              + Statement = [
                  + {
                      + Action   = [
                          + "s3:ListAllMyBuckets",
                        ]
                      + Effect   = "Allow"
                      + Resource = "*"
                      + Sid      = "ListBuckets"
                    },
                  + {
                      + Action   = [
                          + "sts:GetCallerIdentity",
                        ]
                      + Effect   = "Allow"
                      + Resource = "*"
                      + Sid      = "GetCallerIdentity"
                    },
                ]
              + Version   = "2012-10-17"
            }
        )
      + policy_id        = (known after apply)
      + tags_all         = {
          + "Environment" = "dev"
          + "ManagedBy"   = "terraform"
          + "Project"     = "awsS3BucketList"
        }
    }

  # aws_iam_role.cli_execution will be created
  + resource "aws_iam_role" "cli_execution" {
      + arn                   = (known after apply)
      + assume_role_policy    = jsonencode(
            {
              + Statement = [
                  + {
                      + Action    = "sts:AssumeRole"
                      + Effect    = "Allow"
                      + Principal = {
                          + Service = "codebuild.amazonaws.com"
                        }
                    },
                ]
              + Version   = "2012-10-17"
            }
        )
      + create_date           = (known after apply)
      + force_detach_policies = false
      + id                    = (known after apply)
      + managed_policy_arns   = (known after apply)
      + max_session_duration  = 3600
      + name                  = (known after apply)
      + name_prefix           = "awsS3BucketList-dev-cli-"
      + path                  = "/"
      + tags_all              = {
          + "Environment" = "dev"
          + "ManagedBy"   = "terraform"
          + "Project"     = "awsS3BucketList"
        }
      + unique_id             = (known after apply)

      + inline_policy (known after apply)
    }

  # aws_iam_role_policy_attachment.cli_execution will be created
  + resource "aws_iam_role_policy_attachment" "cli_execution" {
      + id         = (known after apply)
      + policy_arn = (known after apply)
      + role       = (known after apply)
    }

  # aws_kms_alias.artifacts will be created
  + resource "aws_kms_alias" "artifacts" {
      + arn            = (known after apply)
      + id             = (known after apply)
      + name           = "alias/awsS3BucketList-dev-artifacts"
      + name_prefix    = (known after apply)
      + region         = "us-east-1"
      + target_key_arn = (known after apply)
      + target_key_id  = (known after apply)
    }

  # aws_kms_key.artifacts will be created
  + resource "aws_kms_key" "artifacts" {
      + arn                                = (known after apply)
      + bypass_policy_lockout_safety_check = false
      + customer_master_key_spec           = "SYMMETRIC_DEFAULT"
      + deletion_window_in_days            = 7
      + description                        = "KMS key for encrypting awsS3BucketList artifacts"
      + enable_key_rotation                = true
      + id                                 = (known after apply)
      + is_enabled                         = true
      + key_id                             = (known after apply)
      + key_usage                          = "ENCRYPT_DECRYPT"
      + multi_region                       = (known after apply)
      + policy                             = (known after apply)
      + region                             = "us-east-1"
      + rotation_period_in_days            = (known after apply)
      + tags_all                           = {
          + "Environment" = "dev"
          + "ManagedBy"   = "terraform"
          + "Project"     = "awsS3BucketList"
        }
    }

  # aws_s3_bucket.artifacts will be created
  + resource "aws_s3_bucket" "artifacts" {
      + acceleration_status         = (known after apply)
      + acl                         = (known after apply)
      + arn                         = (known after apply)
      + bucket                      = (known after apply)
      + bucket_domain_name          = (known after apply)
      + bucket_prefix               = (known after apply)
      + bucket_region               = (known after apply)
      + bucket_regional_domain_name = (known after apply)
      + force_destroy               = false
      + hosted_zone_id              = (known after apply)
      + id                          = (known after apply)
      + object_lock_enabled         = (known after apply)
      + policy                      = (known after apply)
      + region                      = "us-east-1"
      + request_payer               = (known after apply)
      + tags_all                    = {
          + "Environment" = "dev"
          + "ManagedBy"   = "terraform"
          + "Project"     = "awsS3BucketList"
        }
      + website_domain              = (known after apply)
      + website_endpoint            = (known after apply)

      + cors_rule (known after apply)

      + grant (known after apply)

      + lifecycle_rule (known after apply)

      + logging (known after apply)

      + object_lock_configuration (known after apply)

      + replication_configuration (known after apply)

      + server_side_encryption_configuration (known after apply)

      + versioning (known after apply)

      + website (known after apply)
    }

  # aws_s3_bucket_lifecycle_configuration.artifacts will be created
  + resource "aws_s3_bucket_lifecycle_configuration" "artifacts" {
      + bucket                                 = (known after apply)
      + expected_bucket_owner                  = (known after apply)
      + id                                     = (known after apply)
      + region                                 = "us-east-1"
      + transition_default_minimum_object_size = "all_storage_classes_128K"

      + rule {
          + id     = "noncurrent-versions"
          + status = "Enabled"
            # (1 unchanged attribute hidden)

          + abort_incomplete_multipart_upload {
              + days_after_initiation = 7
            }

          + noncurrent_version_expiration {
              + noncurrent_days = 90
            }
        }
    }

  # aws_s3_bucket_ownership_controls.artifacts will be created
  + resource "aws_s3_bucket_ownership_controls" "artifacts" {
      + bucket = (known after apply)
      + id     = (known after apply)
      + region = "us-east-1"

      + rule {
          + object_ownership = "BucketOwnerEnforced"
        }
    }

  # aws_s3_bucket_public_access_block.artifacts will be created
  + resource "aws_s3_bucket_public_access_block" "artifacts" {
      + block_public_acls       = true
      + block_public_policy     = true
      + bucket                  = (known after apply)
      + id                      = (known after apply)
      + ignore_public_acls      = true
      + region                  = "us-east-1"
      + restrict_public_buckets = true
    }

  # aws_s3_bucket_server_side_encryption_configuration.artifacts will be created
  + resource "aws_s3_bucket_server_side_encryption_configuration" "artifacts" {
      + bucket = (known after apply)
      + id     = (known after apply)
      + region = "us-east-1"

      + rule {
          + blocked_encryption_types = []
          + bucket_key_enabled       = true

          + apply_server_side_encryption_by_default {
              + kms_master_key_id = (known after apply)
              + sse_algorithm     = "aws:kms"
            }
        }
    }

  # aws_s3_bucket_versioning.artifacts will be created
  + resource "aws_s3_bucket_versioning" "artifacts" {
      + bucket = (known after apply)
      + id     = (known after apply)
      + region = "us-east-1"

      + versioning_configuration {
          + mfa_delete = (known after apply)
          + status     = "Enabled"
        }
    }

Plan: 11 to add, 0 to change, 0 to destroy.

Changes to Outputs:
  + artifact_bucket_arn    = (known after apply)
  + artifact_bucket_name   = (known after apply)
  + artifact_kms_key_arn   = (known after apply)
  + cli_execution_role_arn = (known after apply)
aws_iam_policy.cli_execution: Creating...
aws_kms_key.artifacts: Creating...
aws_iam_role.cli_execution: Creating...
aws_s3_bucket.artifacts: Creating...
aws_iam_policy.cli_execution: Creation complete after 0s [id=arn:aws:iam::000000000000:policy/awsS3BucketList-dev-cli-20260127192227708400000001]
aws_iam_role.cli_execution: Creation complete after 0s [id=awsS3BucketList-dev-cli-20260127192227708500000002]
aws_iam_role_policy_attachment.cli_execution: Creating...
aws_iam_role_policy_attachment.cli_execution: Creation complete after 0s [id=awsS3BucketList-dev-cli-20260127192227708500000002/arn:aws:iam::000000000000:policy/awsS3BucketList-dev-cli-20260127192227708400000001]
aws_kms_key.artifacts: Creation complete after 8s [id=9958db73-9f5f-4652-8f79-9e9379d0094e]
aws_kms_alias.artifacts: Creating...
aws_kms_alias.artifacts: Creation complete after 0s [id=alias/awsS3BucketList-dev-artifacts]
aws_s3_bucket.artifacts: Still creating... [00m10s elapsed]
aws_s3_bucket.artifacts: Still creating... [00m20s elapsed]
aws_s3_bucket.artifacts: Still creating... [00m30s elapsed]
aws_s3_bucket.artifacts: Still creating... [00m40s elapsed]
aws_s3_bucket.artifacts: Still creating... [00m50s elapsed]
aws_s3_bucket.artifacts: Still creating... [01m00s elapsed]
aws_s3_bucket.artifacts: Still creating... [01m10s elapsed]
aws_s3_bucket.artifacts: Still creating... [01m20s elapsed]
aws_s3_bucket.artifacts: Still creating... [01m30s elapsed]
aws_s3_bucket.artifacts: Still creating... [01m40s elapsed]
aws_s3_bucket.artifacts: Still creating... [01m50s elapsed]
aws_s3_bucket.artifacts: Still creating... [02m00s elapsed]
aws_s3_bucket.artifacts: Still creating... [02m10s elapsed]
aws_s3_bucket.artifacts: Still creating... [02m20s elapsed]
aws_s3_bucket.artifacts: Still creating... [02m30s elapsed]
aws_s3_bucket.artifacts: Still creating... [02m40s elapsed]
aws_s3_bucket.artifacts: Still creating... [02m50s elapsed]
