{"format_version":"1.2","terraform_version":"1.13.5","variables":{"artifact_bucket_name":{"value":null},"aws_region":{"value":"us-east-1"},"codebuild_image":{"value":"aws/codebuild/standard:7.0"},"codebuild_schedule_expression":{"value":null},"enable_codebuild":{"value":false},"environment":{"value":"dev"},"project_name":{"value":"awsS3BucketList"}},"planned_values":{"outputs":{"artifact_bucket_arn":{"sensitive":false},"artifact_bucket_name":{"sensitive":false},"artifact_kms_key_arn":{"sensitive":false},"cli_execution_role_arn":{"sensitive":false},"codebuild_project_name":{"sensitive":false,"type":"dynamic","value":null}},"root_module":{"resources":[{"address":"aws_iam_policy.cli_execution","mode":"managed","type":"aws_iam_policy","name":"cli_execution","provider_name":"registry.terraform.io/hashicorp/aws","schema_version":0,"values":{"delay_after_policy_creation_in_ms":null,"description":null,"name_prefix":"awsS3BucketList-dev-cli-","path":"/","policy":"{\"Statement\":[{\"Action\":[\"s3:ListAllMyBuckets\"],\"Effect\":\"Allow\",\"Resource\":\"*\",\"Sid\":\"ListBuckets\"},{\"Action\":[\"sts:GetCallerIdentity\"],\"Effect\":\"Allow\",\"Resource\":\"*\",\"Sid\":\"GetCallerIdentity\"}],\"Version\":\"2012-10-17\"}","tags":null,"tags_all":{"Environment":"dev","ManagedBy":"terraform","Project":"awsS3BucketList"}},"sensitive_values":{"tags_all":{}},"identity_schema_version":0,"identity":{"arn":null}},{"address":"aws_iam_role.cli_execution","mode":"managed","type":"aws_iam_role","name":"cli_execution","provider_name":"registry.terraform.io/hashicorp/aws","schema_version":0,"values":{"assume_role_policy":"{\"Statement\":[{\"Action\":\"sts:AssumeRole\",\"Effect\":\"Allow\",\"Principal\":{\"Service\":\"codebuild.amazonaws.com\"}}],\"Version\":\"2012-10-17\"}","description":null,"force_detach_policies":false,"max_session_duration":3600,"name_prefix":"awsS3BucketList-dev-cli-","path":"/","permissions_boundary":null,"tags":null,"tags_all":{"Environment":"dev","ManagedBy":"terraform","Project":"awsS3BucketList"}},"sensitive_values":{"inline_policy":[],"managed_policy_arns":[],"tags_all":{}},"identity_schema_version":0,"identity":{"account_id":null,"name":null}},{"address":"aws_iam_role_policy_attachment.cli_execution","mode":"managed","type":"aws_iam_role_policy_attachment","name":"cli_execution","provider_name":"registry.terraform.io/hashicorp/aws","schema_version":0,"sensitive_values":{},"identity_schema_version":0,"identity":{"account_id":null,"policy_arn":null,"role":null}},{"address":"aws_kms_alias.artifacts","mode":"managed","type":"aws_kms_alias","name":"artifacts","provider_name":"registry.terraform.io/hashicorp/aws","schema_version":0,"values":{"name":"alias/awsS3BucketList-dev-artifacts","region":"us-east-1"},"sensitive_values":{},"identity_schema_version":0,"identity":{"account_id":null,"name":null,"region":null}},{"address":"aws_kms_key.artifacts","mode":"managed","type":"aws_kms_key","name":"artifacts","provider_name":"registry.terraform.io/hashicorp/aws","schema_version":0,"values":{"bypass_policy_lockout_safety_check":false,"custom_key_store_id":null,"customer_master_key_spec":"SYMMETRIC_DEFAULT","deletion_window_in_days":7,"description":"KMS key for encrypting awsS3BucketList artifacts","enable_key_rotation":true,"is_enabled":true,"key_usage":"ENCRYPT_DECRYPT","region":"us-east-1","tags":null,"tags_all":{"Environment":"dev","ManagedBy":"terraform","Project":"awsS3BucketList"},"timeouts":null,"xks_key_id":null},"sensitive_values":{"tags_all":{}},"identity_schema_version":0,"identity":{"account_id":null,"id":null,"region":null}},{"address":"aws_s3_bucket.artifacts","mode":"managed","type":"aws_s3_bucket","name":"artifacts","provider_name":"registry.terraform.io/hashicorp/aws","schema_version":0,"values":{"force_destroy":false,"region":"us-east-1","tags":null,"tags_all":{"Environment":"dev","ManagedBy":"terraform","Project":"awsS3BucketList"},"timeouts":null},"sensitive_values":{"cors_rule":[],"grant":[],"lifecycle_rule":[],"logging":[],"object_lock_configuration":[],"replication_configuration":[],"server_side_encryption_configuration":[],"tags_all":{},"versioning":[],"website":[]},"identity_schema_version":0,"identity":{"account_id":null,"bucket":null,"region":null}},{"address":"aws_s3_bucket_lifecycle_configuration.artifacts","mode":"managed","type":"aws_s3_bucket_lifecycle_configuration","name":"artifacts","provider_name":"registry.terraform.io/hashicorp/aws","schema_version":1,"values":{"region":"us-east-1","rule":[{"abort_incomplete_multipart_upload":[{"days_after_initiation":7}],"expiration":[],"filter":[],"id":"noncurrent-versions","noncurrent_version_expiration":[{"newer_noncurrent_versions":null,"noncurrent_days":90}],"noncurrent_version_transition":[],"prefix":"","status":"Enabled","transition":[]}],"timeouts":null,"transition_default_minimum_object_size":"all_storage_classes_128K"},"sensitive_values":{"rule":[{"abort_incomplete_multipart_upload":[{}],"expiration":[],"filter":[],"noncurrent_version_expiration":[{}],"noncurrent_version_transition":[],"transition":[]}]}},{"address":"aws_s3_bucket_ownership_controls.artifacts","mode":"managed","type":"aws_s3_bucket_ownership_controls","name":"artifacts","provider_name":"registry.terraform.io/hashicorp/aws","schema_version":0,"values":{"region":"us-east-1","rule":[{"object_ownership":"BucketOwnerEnforced"}]},"sensitive_values":{"rule":[{}]},"identity_schema_version":0,"identity":{"account_id":null,"bucket":null,"region":null}},{"address":"aws_s3_bucket_public_access_block.artifacts","mode":"managed","type":"aws_s3_bucket_public_access_block","name":"artifacts","provider_name":"registry.terraform.io/hashicorp/aws","schema_version":0,"values":{"block_public_acls":true,"block_public_policy":true,"ignore_public_acls":true,"region":"us-east-1","restrict_public_buckets":true,"skip_destroy":null},"sensitive_values":{},"identity_schema_version":0,"identity":{"account_id":null,"bucket":null,"region":null}},{"address":"aws_s3_bucket_server_side_encryption_configuration.artifacts","mode":"managed","type":"aws_s3_bucket_server_side_encryption_configuration","name":"artifacts","provider_name":"registry.terraform.io/hashicorp/aws","schema_version":0,"values":{"expected_bucket_owner":null,"region":"us-east-1","rule":[{"apply_server_side_encryption_by_default":[{"sse_algorithm":"aws:kms"}],"blocked_encryption_types":[],"bucket_key_enabled":true}]},"sensitive_values":{"rule":[{"apply_server_side_encryption_by_default":[{}],"blocked_encryption_types":[]}]},"identity_schema_version":0,"identity":{"account_id":null,"bucket":null,"expected_bucket_owner":null,"region":null}},{"address":"aws_s3_bucket_versioning.artifacts","mode":"managed","type":"aws_s3_bucket_versioning","name":"artifacts","provider_name":"registry.terraform.io/hashicorp/aws","schema_version":0,"values":{"expected_bucket_owner":null,"mfa":null,"region":"us-east-1","versioning_configuration":[{"status":"Enabled"}]},"sensitive_values":{"versioning_configuration":[{}]},"identity_schema_version":0,"identity":{"account_id":null,"bucket":null,"expected_bucket_owner":null,"region":null}}]}},"resource_changes":[{"address":"aws_iam_policy.cli_execution","mode":"managed","type":"aws_iam_policy","name":"cli_execution","provider_name":"registry.terraform.io/hashicorp/aws","change":{"actions":["create"],"before":null,"after":{"delay_after_policy_creation_in_ms":null,"description":null,"name_prefix":"awsS3BucketList-dev-cli-","path":"/","policy":"{\"Statement\":[{\"Action\":[\"s3:ListAllMyBuckets\"],\"Effect\":\"Allow\",\"Resource\":\"*\",\"Sid\":\"ListBuckets\"},{\"Action\":[\"sts:GetCallerIdentity\"],\"Effect\":\"Allow\",\"Resource\":\"*\",\"Sid\":\"GetCallerIdentity\"}],\"Version\":\"2012-10-17\"}","tags":null,"tags_all":{"Environment":"dev","ManagedBy":"terraform","Project":"awsS3BucketList"}},"after_unknown":{"arn":true,"attachment_count":true,"id":true,"name":true,"policy_id":true,"tags_all":{}},"before_sensitive":false,"after_sensitive":{"tags_all":{}},"after_identity":{"arn":null}}},{"address":"aws_iam_role.cli_execution","mode":"managed","type":"aws_iam_role","name":"cli_execution","provider_name":"registry.terraform.io/hashicorp/aws","change":{"actions":["create"],"before":null,"after":{"assume_role_policy":"{\"Statement\":[{\"Action\":\"sts:AssumeRole\",\"Effect\":\"Allow\",\"Principal\":{\"Service\":\"codebuild.amazonaws.com\"}}],\"Version\":\"2012-10-17\"}","description":null,"force_detach_policies":false,"max_session_duration":3600,"name_prefix":"awsS3BucketList-dev-cli-","path":"/","permissions_boundary":null,"tags":null,"tags_all":{"Environment":"dev","ManagedBy":"terraform","Project":"awsS3BucketList"}},"after_unknown":{"arn":true,"create_date":true,"id":true,"inline_policy":true,"managed_policy_arns":true,"name":true,"tags_all":{},"unique_id":true},"before_sensitive":false,"after_sensitive":{"inline_policy":[],"managed_policy_arns":[],"tags_all":{}},"after_identity":{"account_id":null,"name":null}}},{"address":"aws_iam_role_policy_attachment.cli_execution","mode":"managed","type":"aws_iam_role_policy_attachment","name":"cli_execution","provider_name":"registry.terraform.io/hashicorp/aws","change":{"actions":["create"],"before":null,"after":{},"after_unknown":{"id":true,"policy_arn":true,"role":true},"before_sensitive":false,"after_sensitive":{},"after_identity":{"account_id":null,"policy_arn":null,"role":null}}},{"address":"aws_kms_alias.artifacts","mode":"managed","type":"aws_kms_alias","name":"artifacts","provider_name":"registry.terraform.io/hashicorp/aws","change":{"actions":["create"],"before":null,"after":{"name":"alias/awsS3BucketList-dev-artifacts","region":"us-east-1"},"after_unknown":{"arn":true,"id":true,"name_prefix":true,"target_key_arn":true,"target_key_id":true},"before_sensitive":false,"after_sensitive":{},"after_identity":{"account_id":null,"name":null,"region":null}}},{"address":"aws_kms_key.artifacts","mode":"managed","type":"aws_kms_key","name":"artifacts","provider_name":"registry.terraform.io/hashicorp/aws","change":{"actions":["create"],"before":null,"after":{"bypass_policy_lockout_safety_check":false,"custom_key_store_id":null,"customer_master_key_spec":"SYMMETRIC_DEFAULT","deletion_window_in_days":7,"description":"KMS key for encrypting awsS3BucketList artifacts","enable_key_rotation":true,"is_enabled":true,"key_usage":"ENCRYPT_DECRYPT","region":"us-east-1","tags":null,"tags_all":{"Environment":"dev","ManagedBy":"terraform","Project":"awsS3BucketList"},"timeouts":null,"xks_key_id":null},"after_unknown":{"arn":true,"id":true,"key_id":true,"multi_region":true,"policy":true,"rotation_period_in_days":true,"tags_all":{}},"before_sensitive":false,"after_sensitive":{"tags_all":{}},"after_identity":{"account_id":null,"id":null,"region":null}}},{"address":"aws_s3_bucket.artifacts","mode":"managed","type":"aws_s3_bucket","name":"artifacts","provider_name":"registry.terraform.io/hashicorp/aws","change":{"actions":["create"],"before":null,"after":{"force_destroy":false,"region":"us-east-1","tags":null,"tags_all":{"Environment":"dev","ManagedBy":"terraform","Project":"awsS3BucketList"},"timeouts":null},"after_unknown":{"acceleration_status":true,"acl":true,"arn":true,"bucket":true,"bucket_domain_name":true,"bucket_prefix":true,"bucket_region":true,"bucket_regional_domain_name":true,"cors_rule":true,"grant":true,"hosted_zone_id":true,"id":true,"lifecycle_rule":true,"logging":true,"object_lock_configuration":true,"object_lock_enabled":true,"policy":true,"replication_configuration":true,"request_payer":true,"server_side_encryption_configuration":true,"tags_all":{},"versioning":true,"website":true,"website_domain":true,"website_endpoint":true},"before_sensitive":false,"after_sensitive":{"cors_rule":[],"grant":[],"lifecycle_rule":[],"logging":[],"object_lock_configuration":[],"replication_configuration":[],"server_side_encryption_configuration":[],"tags_all":{},"versioning":[],"website":[]},"after_identity":{"account_id":null,"bucket":null,"region":null}}},{"address":"aws_s3_bucket_lifecycle_configuration.artifacts","mode":"managed","type":"aws_s3_bucket_lifecycle_configuration","name":"artifacts","provider_name":"registry.terraform.io/hashicorp/aws","change":{"actions":["create"],"before":null,"after":{"region":"us-east-1","rule":[{"abort_incomplete_multipart_upload":[{"days_after_initiation":7}],"expiration":[],"filter":[],"id":"noncurrent-versions","noncurrent_version_expiration":[{"newer_noncurrent_versions":null,"noncurrent_days":90}],"noncurrent_version_transition":[],"prefix":"","status":"Enabled","transition":[]}],"timeouts":null,"transition_default_minimum_object_size":"all_storage_classes_128K"},"after_unknown":{"bucket":true,"expected_bucket_owner":true,"id":true,"rule":[{"abort_incomplete_multipart_upload":[{}],"expiration":[],"filter":[],"noncurrent_version_expiration":[{}],"noncurrent_version_transition":[],"transition":[]}]},"before_sensitive":false,"after_sensitive":{"rule":[{"abort_incomplete_multipart_upload":[{}],"expiration":[],"filter":[],"noncurrent_version_expiration":[{}],"noncurrent_version_transition":[],"transition":[]}]}}},{"address":"aws_s3_bucket_ownership_controls.artifacts","mode":"managed","type":"aws_s3_bucket_ownership_controls","name":"artifacts","provider_name":"registry.terraform.io/hashicorp/aws","change":{"actions":["create"],"before":null,"after":{"region":"us-east-1","rule":[{"object_ownership":"BucketOwnerEnforced"}]},"after_unknown":{"bucket":true,"id":true,"rule":[{}]},"before_sensitive":false,"after_sensitive":{"rule":[{}]},"after_identity":{"account_id":null,"bucket":null,"region":null}}},{"address":"aws_s3_bucket_public_access_block.artifacts","mode":"managed","type":"aws_s3_bucket_public_access_block","name":"artifacts","provider_name":"registry.terraform.io/hashicorp/aws","change":{"actions":["create"],"before":null,"after":{"block_public_acls":true,"block_public_policy":true,"ignore_public_acls":true,"region":"us-east-1","restrict_public_buckets":true,"skip_destroy":null},"after_unknown":{"bucket":true,"id":true},"before_sensitive":false,"after_sensitive":{},"after_identity":{"account_id":null,"bucket":null,"region":null}}},{"address":"aws_s3_bucket_server_side_encryption_configuration.artifacts","mode":"managed","type":"aws_s3_bucket_server_side_encryption_configuration","name":"artifacts","provider_name":"registry.terraform.io/hashicorp/aws","change":{"actions":["create"],"before":null,"after":{"expected_bucket_owner":null,"region":"us-east-1","rule":[{"apply_server_side_encryption_by_default":[{"sse_algorithm":"aws:kms"}],"blocked_encryption_types":[],"bucket_key_enabled":true}]},"after_unknown":{"bucket":true,"id":true,"rule":[{"apply_server_side_encryption_by_default":[{"kms_master_key_id":true}],"blocked_encryption_types":[]}]},"before_sensitive":false,"after_sensitive":{"rule":[{"apply_server_side_encryption_by_default":[{}],"blocked_encryption_types":[]}]},"after_identity":{"account_id":null,"bucket":null,"expected_bucket_owner":null,"region":null}}},{"address":"aws_s3_bucket_versioning.artifacts","mode":"managed","type":"aws_s3_bucket_versioning","name":"artifacts","provider_name":"registry.terraform.io/hashicorp/aws","change":{"actions":["create"],"before":null,"after":{"expected_bucket_owner":null,"mfa":null,"region":"us-east-1","versioning_configuration":[{"status":"Enabled"}]},"after_unknown":{"bucket":true,"id":true,"versioning_configuration":[{"mfa_delete":true}]},"before_sensitive":false,"after_sensitive":{"versioning_configuration":[{}]},"after_identity":{"account_id":null,"bucket":null,"expected_bucket_owner":null,"region":null}}}],"output_changes":{"artifact_bucket_arn":{"actions":["create"],"before":null,"after_unknown":true,"before_sensitive":false,"after_sensitive":false},"artifact_bucket_name":{"actions":["create"],"before":null,"after_unknown":true,"before_sensitive":false,"after_sensitive":false},"artifact_kms_key_arn":{"actions":["create"],"before":null,"after_unknown":true,"before_sensitive":false,"after_sensitive":false},"cli_execution_role_arn":{"actions":["create"],"before":null,"after_unknown":true,"before_sensitive":false,"after_sensitive":false},"codebuild_project_name":{"actions":["no-op"],"before":null,"after":null,"after_unknown":false,"before_sensitive":false,"after_sensitive":false}},"prior_state":{"format_version":"1.0","terraform_version":"1.13.5","values":{"root_module":{"resources":[{"address":"data.aws_caller_identity.current","mode":"data","type":"aws_caller_identity","name":"current","provider_name":"registry.terraform.io/hashicorp/aws","schema_version":0,"values":{"account_id":"000000000000","arn":"arn:aws:iam::000000000000:root","id":"000000000000","user_id":"AKIAIOSFODNN7EXAMPLE"},"sensitive_values":{}},{"address":"data.aws_partition.current","mode":"data","type":"aws_partition","name":"current","provider_name":"registry.terraform.io/hashicorp/aws","schema_version":0,"values":{"dns_suffix":"amazonaws.com","id":"aws","partition":"aws","reverse_dns_prefix":"com.amazonaws"},"sensitive_values":{}},{"address":"data.aws_region.current","mode":"data","type":"aws_region","name":"current","provider_name":"registry.terraform.io/hashicorp/aws","schema_version":0,"values":{"description":"US East (N. Virginia)","endpoint":"ec2.us-east-1.amazonaws.com","id":"us-east-1","name":"us-east-1","region":"us-east-1"},"sensitive_values":{}}]}}},"configuration":{"provider_config":{"aws":{"name":"aws","full_name":"registry.terraform.io/hashicorp/aws","version_constraint":"\u003e= 5.0.0","expressions":{"default_tags":[{"tags":{"references":["var.project_name","var.environment"]}}],"region":{"references":["var.aws_region"]}}}},"root_module":{"outputs":{"artifact_bucket_arn":{"expression":{"references":["aws_s3_bucket.artifacts.arn","aws_s3_bucket.artifacts"]},"description":"ARN of the artifact bucket."},"artifact_bucket_name":{"expression":{"references":["aws_s3_bucket.artifacts.bucket","aws_s3_bucket.artifacts"]},"description":"S3 bucket for storing built binaries/artifacts."},"artifact_kms_key_arn":{"expression":{"references":["aws_kms_key.artifacts.arn","aws_kms_key.artifacts"]},"description":"KMS key ARN used for artifact bucket encryption."},"cli_execution_role_arn":{"expression":{"references":["aws_iam_role.cli_execution.arn","aws_iam_role.cli_execution"]},"description":"IAM role ARN intended for AWS-hosted execution (e.g., CodeBuild)."},"codebuild_project_name":{"expression":{"references":["var.enable_codebuild","aws_codebuild_project.run_cli[0].name","aws_codebuild_project.run_cli[0]","aws_codebuild_project.run_cli"]},"description":"Optional CodeBuild project name (null if disabled)."}},"resources":[{"address":"aws_cloudwatch_event_rule.schedule","mode":"managed","type":"aws_cloudwatch_event_rule","name":"schedule","provider_config_key":"aws","expressions":{"name":{"references":["var.project_name","var.environment"]},"schedule_expression":{"references":["var.codebuild_schedule_expression"]}},"schema_version":1,"count_expression":{"references":["var.enable_codebuild","var.codebuild_schedule_expression"]}},{"address":"aws_cloudwatch_event_target.schedule_codebuild","mode":"managed","type":"aws_cloudwatch_event_target","name":"schedule_codebuild","provider_config_key":"aws","expressions":{"arn":{"references":["aws_codebuild_project.run_cli[0].arn","aws_codebuild_project.run_cli[0]","aws_codebuild_project.run_cli"]},"role_arn":{"references":["aws_iam_role.events_invoke_codebuild[0].arn","aws_iam_role.events_invoke_codebuild[0]","aws_iam_role.events_invoke_codebuild"]},"rule":{"references":["aws_cloudwatch_event_rule.schedule[0].name","aws_cloudwatch_event_rule.schedule[0]","aws_cloudwatch_event_rule.schedule"]},"target_id":{"constant_value":"codebuild"}},"schema_version":1,"count_expression":{"references":["var.enable_codebuild","var.codebuild_schedule_expression"]}},{"address":"aws_cloudwatch_log_group.codebuild","mode":"managed","type":"aws_cloudwatch_log_group","name":"codebuild","provider_config_key":"aws","expressions":{"name":{"references":["var.project_name","var.environment"]},"retention_in_days":{"constant_value":30}},"schema_version":0,"count_expression":{"references":["var.enable_codebuild"]}},{"address":"aws_codebuild_project.run_cli","mode":"managed","type":"aws_codebuild_project","name":"run_cli","provider_config_key":"aws","expressions":{"artifacts":[{"type":{"constant_value":"NO_ARTIFACTS"}}],"description":{"references":["var.project_name"]},"environment":[{"compute_type":{"constant_value":"BUILD_GENERAL1_SMALL"},"environment_variable":[{"name":{"constant_value":"AWS_REGION"},"value":{"references":["var.aws_region"]}}],"image":{"references":["var.codebuild_image"]},"image_pull_credentials_type":{"constant_value":"CODEBUILD"},"type":{"constant_value":"LINUX_CONTAINER"}}],"logs_config":[{"cloudwatch_logs":[{"group_name":{"references":["aws_cloudwatch_log_group.codebuild[0].name","aws_cloudwatch_log_group.codebuild[0]","aws_cloudwatch_log_group.codebuild"]},"stream_name":{"constant_value":"build"}}]}],"name":{"references":["var.project_name","var.environment"]},"service_role":{"references":["aws_iam_role.cli_execution.arn","aws_iam_role.cli_execution"]},"source":[{"buildspec":{"constant_value":"version: 0.2\nphases:\n  build:\n    commands:\n      - echo \"This project is a placeholder. Provide a buildspec that downloads your binary from S3 and runs it.\"\n      - aws sts get-caller-identity\n      - aws s3api list-buckets --query 'Buckets[].Name'\n"},"type":{"constant_value":"NO_SOURCE"}}]},"schema_version":0,"count_expression":{"references":["var.enable_codebuild"]}},{"address":"aws_iam_policy.cli_execution","mode":"managed","type":"aws_iam_policy","name":"cli_execution","provider_config_key":"aws","expressions":{"name_prefix":{"references":["var.project_name","var.environment"]},"policy":{}},"schema_version":0},{"address":"aws_iam_role.cli_execution","mode":"managed","type":"aws_iam_role","name":"cli_execution","provider_config_key":"aws","expressions":{"assume_role_policy":{},"name_prefix":{"references":["var.project_name","var.environment"]}},"schema_version":0},{"address":"aws_iam_role.events_invoke_codebuild","mode":"managed","type":"aws_iam_role","name":"events_invoke_codebuild","provider_config_key":"aws","expressions":{"assume_role_policy":{},"name_prefix":{"references":["var.project_name","var.environment"]}},"schema_version":0,"count_expression":{"references":["var.enable_codebuild","var.codebuild_schedule_expression"]}},{"address":"aws_iam_role_policy.events_invoke_codebuild","mode":"managed","type":"aws_iam_role_policy","name":"events_invoke_codebuild","provider_config_key":"aws","expressions":{"policy":{"references":["aws_codebuild_project.run_cli[0].arn","aws_codebuild_project.run_cli[0]","aws_codebuild_project.run_cli"]},"role":{"references":["aws_iam_role.events_invoke_codebuild[0].id","aws_iam_role.events_invoke_codebuild[0]","aws_iam_role.events_invoke_codebuild"]}},"schema_version":0,"count_expression":{"references":["var.enable_codebuild","var.codebuild_schedule_expression"]}},{"address":"aws_iam_role_policy_attachment.cli_execution","mode":"managed","type":"aws_iam_role_policy_attachment","name":"cli_execution","provider_config_key":"aws","expressions":{"policy_arn":{"references":["aws_iam_policy.cli_execution.arn","aws_iam_policy.cli_execution"]},"role":{"references":["aws_iam_role.cli_execution.name","aws_iam_role.cli_execution"]}},"schema_version":0},{"address":"aws_kms_alias.artifacts","mode":"managed","type":"aws_kms_alias","name":"artifacts","provider_config_key":"aws","expressions":{"name":{"references":["var.project_name","var.environment"]},"target_key_id":{"references":["aws_kms_key.artifacts.key_id","aws_kms_key.artifacts"]}},"schema_version":0},{"address":"aws_kms_key.artifacts","mode":"managed","type":"aws_kms_key","name":"artifacts","provider_config_key":"aws","expressions":{"deletion_window_in_days":{"constant_value":7},"description":{"references":["var.project_name"]},"enable_key_rotation":{"constant_value":true}},"schema_version":0},{"address":"aws_s3_bucket.artifacts","mode":"managed","type":"aws_s3_bucket","name":"artifacts","provider_config_key":"aws","expressions":{"bucket":{"references":["var.artifact_bucket_name"]},"force_destroy":{"constant_value":false}},"schema_version":0},{"address":"aws_s3_bucket_lifecycle_configuration.artifacts","mode":"managed","type":"aws_s3_bucket_lifecycle_configuration","name":"artifacts","provider_config_key":"aws","expressions":{"bucket":{"references":["aws_s3_bucket.artifacts.id","aws_s3_bucket.artifacts"]},"rule":[{"abort_incomplete_multipart_upload":[{"days_after_initiation":{"constant_value":7}}],"id":{"constant_value":"noncurrent-versions"},"noncurrent_version_expiration":[{"noncurrent_days":{"constant_value":90}}],"status":{"constant_value":"Enabled"}}]},"schema_version":1},{"address":"aws_s3_bucket_ownership_controls.artifacts","mode":"managed","type":"aws_s3_bucket_ownership_controls","name":"artifacts","provider_config_key":"aws","expressions":{"bucket":{"references":["aws_s3_bucket.artifacts.id","aws_s3_bucket.artifacts"]},"rule":[{"object_ownership":{"constant_value":"BucketOwnerEnforced"}}]},"schema_version":0},{"address":"aws_s3_bucket_public_access_block.artifacts","mode":"managed","type":"aws_s3_bucket_public_access_block","name":"artifacts","provider_config_key":"aws","expressions":{"block_public_acls":{"constant_value":true},"block_public_policy":{"constant_value":true},"bucket":{"references":["aws_s3_bucket.artifacts.id","aws_s3_bucket.artifacts"]},"ignore_public_acls":{"constant_value":true},"restrict_public_buckets":{"constant_value":true}},"schema_version":0},{"address":"aws_s3_bucket_server_side_encryption_configuration.artifacts","mode":"managed","type":"aws_s3_bucket_server_side_encryption_configuration","name":"artifacts","provider_config_key":"aws","expressions":{"bucket":{"references":["aws_s3_bucket.artifacts.id","aws_s3_bucket.artifacts"]},"rule":[{"apply_server_side_encryption_by_default":[{"kms_master_key_id":{"references":["aws_kms_key.artifacts.arn","aws_kms_key.artifacts"]},"sse_algorithm":{"constant_value":"aws:kms"}}],"bucket_key_enabled":{"constant_value":true}}]},"schema_version":0},{"address":"aws_s3_bucket_versioning.artifacts","mode":"managed","type":"aws_s3_bucket_versioning","name":"artifacts","provider_config_key":"aws","expressions":{"bucket":{"references":["aws_s3_bucket.artifacts.id","aws_s3_bucket.artifacts"]},"versioning_configuration":[{"status":{"constant_value":"Enabled"}}]},"schema_version":0},{"address":"data.aws_caller_identity.current","mode":"data","type":"aws_caller_identity","name":"current","provider_config_key":"aws","schema_version":0},{"address":"data.aws_partition.current","mode":"data","type":"aws_partition","name":"current","provider_config_key":"aws","schema_version":0},{"address":"data.aws_region.current","mode":"data","type":"aws_region","name":"current","provider_config_key":"aws","schema_version":0}],"variables":{"artifact_bucket_name":{"default":null,"description":"Optional explicit name for the S3 artifact bucket. Leave null to have Terraform generate a unique name."},"aws_region":{"default":"us-east-1","description":"AWS region to deploy into."},"codebuild_image":{"default":"aws/codebuild/standard:7.0","description":"Docker image for CodeBuild environment."},"codebuild_schedule_expression":{"default":null,"description":"Optional EventBridge schedule expression to trigger CodeBuild (only used when enable_codebuild=true). Example: rate(1 day)"},"enable_codebuild":{"default":false,"description":"Whether to create an optional CodeBuild project that can run the CLI on-demand (or via schedule)."},"environment":{"default":"dev","description":"Environment name (e.g., dev, staging, prod)."},"project_name":{"default":"awsS3BucketList","description":"Project/name prefix used for resource naming."}}}},"relevant_attributes":[{"resource":"aws_iam_policy.cli_execution","attribute":["arn"]},{"resource":"aws_s3_bucket.artifacts","attribute":["bucket"]},{"resource":"aws_iam_role.cli_execution","attribute":["name"]},{"resource":"aws_kms_key.artifacts","attribute":["key_id"]},{"resource":"aws_iam_role.cli_execution","attribute":["arn"]},{"resource":"aws_kms_key.artifacts","attribute":["arn"]},{"resource":"aws_s3_bucket.artifacts","attribute":["id"]},{"resource":"aws_s3_bucket.artifacts","attribute":["arn"]}],"timestamp":"2026-01-27T19:22:23Z","applyable":true,"complete":true,"errored":false}
