
Terraform used the selected providers to generate the following execution
plan. Resource actions are indicated with the following symbols:
  + create

Terraform will perform the following actions:

  # aws_instance.api_server will be created
  + resource "aws_instance" "api_server" {
      + ami                                  = "ami-048e636f368eb3006"
      + arn                                  = (known after apply)
      + associate_public_ip_address          = (known after apply)
      + availability_zone                    = (known after apply)
      + disable_api_stop                     = (known after apply)
      + disable_api_termination              = (known after apply)
      + ebs_optimized                        = (known after apply)
      + enable_primary_ipv6                  = (known after apply)
      + force_destroy                        = false
      + get_password_data                    = false
      + host_id                              = (known after apply)
      + host_resource_group_arn              = (known after apply)
      + iam_instance_profile                 = (known after apply)
      + id                                   = (known after apply)
      + instance_initiated_shutdown_behavior = (known after apply)
      + instance_lifecycle                   = (known after apply)
      + instance_state                       = (known after apply)
      + instance_type                        = "t2.micro"
      + ipv6_address_count                   = (known after apply)
      + ipv6_addresses                       = (known after apply)
      + key_name                             = (known after apply)
      + monitoring                           = (known after apply)
      + outpost_arn                          = (known after apply)
      + password_data                        = (known after apply)
      + placement_group                      = (known after apply)
      + placement_group_id                   = (known after apply)
      + placement_partition_number           = (known after apply)
      + primary_network_interface_id         = (known after apply)
      + private_dns                          = (known after apply)
      + private_ip                           = (known after apply)
      + public_dns                           = (known after apply)
      + public_ip                            = (known after apply)
      + region                               = "us-east-2"
      + secondary_private_ips                = (known after apply)
      + security_groups                      = (known after apply)
      + source_dest_check                    = true
      + spot_instance_request_id             = (known after apply)
      + subnet_id                            = (known after apply)
      + tags                                 = {
          + "Name" = "API Server"
        }
      + tags_all                             = {
          + "Name" = "API Server"
        }
      + tenancy                              = (known after apply)
      + user_data_base64                     = (known after apply)
      + user_data_replace_on_change          = false
      + vpc_security_group_ids               = (known after apply)

      + capacity_reservation_specification (known after apply)

      + cpu_options (known after apply)

      + ebs_block_device (known after apply)

      + enclave_options (known after apply)

      + ephemeral_block_device (known after apply)

      + instance_market_options (known after apply)

      + maintenance_options (known after apply)

      + metadata_options (known after apply)

      + network_interface (known after apply)

      + primary_network_interface (known after apply)

      + private_dns_name_options (known after apply)

      + root_block_device (known after apply)
    }

  # aws_internet_gateway.gw will be created
  + resource "aws_internet_gateway" "gw" {
      + arn      = (known after apply)
      + id       = (known after apply)
      + owner_id = (known after apply)
      + region   = "us-east-2"
      + tags     = {
          + "Name" = "Terraform_VPC_IGW"
        }
      + tags_all = {
          + "Name" = "Terraform_VPC_IGW"
        }
      + vpc_id   = (known after apply)
    }

  # aws_route_table.public_rt will be created
  + resource "aws_route_table" "public_rt" {
      + arn              = (known after apply)
      + id               = (known after apply)
      + owner_id         = (known after apply)
      + propagating_vgws = (known after apply)
      + region           = "us-east-2"
      + route            = [
          + {
              + cidr_block                 = "0.0.0.0/0"
              + gateway_id                 = (known after apply)
                # (11 unchanged attributes hidden)
            },
        ]
      + tags             = {
          + "Name" = "Terraform_Public_RT"
        }
      + tags_all         = {
          + "Name" = "Terraform_Public_RT"
        }
      + vpc_id           = (known after apply)
    }

  # aws_route_table_association.public_rta1 will be created
  + resource "aws_route_table_association" "public_rta1" {
      + id             = (known after apply)
      + region         = "us-east-2"
      + route_table_id = (known after apply)
      + subnet_id      = (known after apply)
    }

  # aws_route_table_association.public_rta2 will be created
  + resource "aws_route_table_association" "public_rta2" {
      + id             = (known after apply)
      + region         = "us-east-2"
      + route_table_id = (known after apply)
      + subnet_id      = (known after apply)
    }

  # aws_subnet.Subnet1 will be created
  + resource "aws_subnet" "Subnet1" {
      + arn                                            = (known after apply)
      + assign_ipv6_address_on_creation                = false
      + availability_zone                              = "us-east-2a"
      + availability_zone_id                           = (known after apply)
      + cidr_block                                     = "10.0.1.0/24"
      + enable_dns64                                   = false
      + enable_resource_name_dns_a_record_on_launch    = false
      + enable_resource_name_dns_aaaa_record_on_launch = false
      + id                                             = (known after apply)
      + ipv6_cidr_block_association_id                 = (known after apply)
      + ipv6_native                                    = false
      + map_public_ip_on_launch                        = false
      + owner_id                                       = (known after apply)
      + private_dns_hostname_type_on_launch            = (known after apply)
      + region                                         = "us-east-2"
      + tags_all                                       = (known after apply)
      + vpc_id                                         = (known after apply)
    }

  # aws_subnet.Subnet2 will be created
  + resource "aws_subnet" "Subnet2" {
      + arn                                            = (known after apply)
      + assign_ipv6_address_on_creation                = false
      + availability_zone                              = "us-east-2b"
      + availability_zone_id                           = (known after apply)
      + cidr_block                                     = "10.0.2.0/24"
      + enable_dns64                                   = false
      + enable_resource_name_dns_a_record_on_launch    = false
      + enable_resource_name_dns_aaaa_record_on_launch = false
      + id                                             = (known after apply)
      + ipv6_cidr_block_association_id                 = (known after apply)
      + ipv6_native                                    = false
      + map_public_ip_on_launch                        = false
      + owner_id                                       = (known after apply)
      + private_dns_hostname_type_on_launch            = (known after apply)
      + region                                         = "us-east-2"
      + tags_all                                       = (known after apply)
      + vpc_id                                         = (known after apply)
    }

  # aws_subnet.public_subnet1 will be created
  + resource "aws_subnet" "public_subnet1" {
      + arn                                            = (known after apply)
      + assign_ipv6_address_on_creation                = false
      + availability_zone                              = "us-east-2a"
      + availability_zone_id                           = (known after apply)
      + cidr_block                                     = "10.0.3.0/24"
      + enable_dns64                                   = false
      + enable_resource_name_dns_a_record_on_launch    = false
      + enable_resource_name_dns_aaaa_record_on_launch = false
      + id                                             = (known after apply)
      + ipv6_cidr_block_association_id                 = (known after apply)
      + ipv6_native                                    = false
      + map_public_ip_on_launch                        = true
      + owner_id                                       = (known after apply)
      + private_dns_hostname_type_on_launch            = (known after apply)
      + region                                         = "us-east-2"
      + tags                                           = {
          + "Name" = "Terraform_Public_Subnet1"
        }
      + tags_all                                       = {
          + "Name" = "Terraform_Public_Subnet1"
        }
      + vpc_id                                         = (known after apply)
    }

  # aws_subnet.public_subnet2 will be created
  + resource "aws_subnet" "public_subnet2" {
      + arn                                            = (known after apply)
      + assign_ipv6_address_on_creation                = false
      + availability_zone                              = "us-east-2c"
      + availability_zone_id                           = (known after apply)
      + cidr_block                                     = "10.0.4.0/24"
      + enable_dns64                                   = false
      + enable_resource_name_dns_a_record_on_launch    = false
      + enable_resource_name_dns_aaaa_record_on_launch = false
      + id                                             = (known after apply)
      + ipv6_cidr_block_association_id                 = (known after apply)
      + ipv6_native                                    = false
      + map_public_ip_on_launch                        = true
      + owner_id                                       = (known after apply)
      + private_dns_hostname_type_on_launch            = (known after apply)
      + region                                         = "us-east-2"
      + tags                                           = {
          + "Name" = "Terraform_Public_Subnet2"
        }
      + tags_all                                       = {
          + "Name" = "Terraform_Public_Subnet2"
        }
      + vpc_id                                         = (known after apply)
    }

  # aws_vpc.Terraform_VPC_1 will be created
  + resource "aws_vpc" "Terraform_VPC_1" {
      + arn                                  = (known after apply)
      + cidr_block                           = "10.0.0.0/16"
      + default_network_acl_id               = (known after apply)
      + default_route_table_id               = (known after apply)
      + default_security_group_id            = (known after apply)
      + dhcp_options_id                      = (known after apply)
      + enable_dns_hostnames                 = (known after apply)
      + enable_dns_support                   = true
      + enable_network_address_usage_metrics = (known after apply)
      + id                                   = (known after apply)
      + instance_tenancy                     = "default"
      + ipv6_association_id                  = (known after apply)
      + ipv6_cidr_block                      = (known after apply)
      + ipv6_cidr_block_network_border_group = (known after apply)
      + main_route_table_id                  = (known after apply)
      + owner_id                             = (known after apply)
      + region                               = "us-east-2"
      + tags                                 = {
          + "name" = "Terraform_VPC"
        }
      + tags_all                             = {
          + "name" = "Terraform_VPC"
        }
    }

Plan: 10 to add, 0 to change, 0 to destroy.
aws_vpc.Terraform_VPC_1: Creating...
aws_instance.api_server: Creating...
aws_vpc.Terraform_VPC_1: Creation complete after 4s [id=vpc-77901fe8d65b0956d]
aws_internet_gateway.gw: Creating...
aws_subnet.Subnet1: Creating...
aws_subnet.Subnet2: Creating...
aws_subnet.public_subnet1: Creating...
aws_subnet.public_subnet2: Creating...
aws_subnet.Subnet2: Creation complete after 0s [id=subnet-0222200feca49b2be]
aws_internet_gateway.gw: Creation complete after 0s [id=igw-d40d6bf9cabe4b3fe]
aws_subnet.Subnet1: Creation complete after 0s [id=subnet-bbfeb5441b5ee6064]
aws_route_table.public_rt: Creating...
aws_route_table.public_rt: Creation complete after 0s [id=rtb-09ec75a4f713acc95]
aws_instance.api_server: Still creating... [00m10s elapsed]
aws_subnet.public_subnet2: Still creating... [00m10s elapsed]
aws_subnet.public_subnet1: Still creating... [00m10s elapsed]
aws_subnet.public_subnet1: Creation complete after 10s [id=subnet-8a61b78c5139da2ab]
aws_subnet.public_subnet2: Creation complete after 10s [id=subnet-9b683051823c03470]
aws_route_table_association.public_rta2: Creating...
aws_route_table_association.public_rta1: Creating...
aws_route_table_association.public_rta1: Creation complete after 0s [id=rtbassoc-2cdf64ce76694bf26]
aws_route_table_association.public_rta2: Creation complete after 0s [id=rtbassoc-5b413f2d5c42a809d]
