{"format_version":"1.2","terraform_version":"1.13.5","variables":{"app_name":{"value":"static-page"},"aws_region":{"value":"us-east-1"},"tags":{"value":{"Managed":"terraform","Project":"static-page-template"}}},"planned_values":{"outputs":{"bucket_name":{"sensitive":false},"website_domain":{"sensitive":false},"website_endpoint":{"sensitive":false}},"root_module":{"resources":[{"address":"aws_s3_bucket.site","mode":"managed","type":"aws_s3_bucket","name":"site","provider_name":"registry.terraform.io/hashicorp/aws","schema_version":0,"values":{"force_destroy":true,"tags":null,"tags_all":{"Managed":"terraform","Project":"static-page-template"},"timeouts":null},"sensitive_values":{"cors_rule":[],"grant":[],"lifecycle_rule":[],"logging":[],"object_lock_configuration":[],"replication_configuration":[],"server_side_encryption_configuration":[],"tags_all":{},"versioning":[],"website":[]}},{"address":"aws_s3_bucket_ownership_controls.site","mode":"managed","type":"aws_s3_bucket_ownership_controls","name":"site","provider_name":"registry.terraform.io/hashicorp/aws","schema_version":0,"values":{"rule":[{"object_ownership":"BucketOwnerPreferred"}]},"sensitive_values":{"rule":[{}]}},{"address":"aws_s3_bucket_policy.public_read","mode":"managed","type":"aws_s3_bucket_policy","name":"public_read","provider_name":"registry.terraform.io/hashicorp/aws","schema_version":0,"sensitive_values":{}},{"address":"aws_s3_bucket_public_access_block.site","mode":"managed","type":"aws_s3_bucket_public_access_block","name":"site","provider_name":"registry.terraform.io/hashicorp/aws","schema_version":0,"values":{"block_public_acls":false,"block_public_policy":false,"ignore_public_acls":false,"restrict_public_buckets":false},"sensitive_values":{}},{"address":"aws_s3_bucket_website_configuration.site","mode":"managed","type":"aws_s3_bucket_website_configuration","name":"site","provider_name":"registry.terraform.io/hashicorp/aws","schema_version":0,"values":{"error_document":[{"key":"index.html"}],"expected_bucket_owner":null,"index_document":[{"suffix":"index.html"}],"redirect_all_requests_to":[]},"sensitive_values":{"error_document":[{}],"index_document":[{}],"redirect_all_requests_to":[],"routing_rule":[]}},{"address":"data.aws_iam_policy_document.public_read","mode":"data","type":"aws_iam_policy_document","name":"public_read","provider_name":"registry.terraform.io/hashicorp/aws","schema_version":0,"values":{"override_json":null,"override_policy_documents":null,"policy_id":null,"source_json":null,"source_policy_documents":null,"statement":[{"actions":["s3:GetObject"],"condition":[],"effect":"Allow","not_actions":null,"not_principals":[],"not_resources":null,"principals":[{"identifiers":["*"],"type":"*"}],"resources":[null],"sid":"PublicReadGetObject"}],"version":null},"sensitive_values":{"statement":[{"actions":[false],"condition":[],"not_principals":[],"principals":[{"identifiers":[false]}],"resources":[false]}]}},{"address":"random_id.suffix","mode":"managed","type":"random_id","name":"suffix","provider_name":"registry.terraform.io/hashicorp/random","schema_version":0,"values":{"byte_length":4,"keepers":null,"prefix":null},"sensitive_values":{}}]}},"resource_changes":[{"address":"data.aws_iam_policy_document.public_read","mode":"data","type":"aws_iam_policy_document","name":"public_read","provider_name":"registry.terraform.io/hashicorp/aws","change":{"actions":["read"],"before":null,"after":{"override_json":null,"override_policy_documents":null,"policy_id":null,"source_json":null,"source_policy_documents":null,"statement":[{"actions":["s3:GetObject"],"condition":[],"effect":"Allow","not_actions":null,"not_principals":[],"not_resources":null,"principals":[{"identifiers":["*"],"type":"*"}],"resources":[null],"sid":"PublicReadGetObject"}],"version":null},"after_unknown":{"id":true,"json":true,"minified_json":true,"statement":[{"actions":[false],"condition":[],"not_principals":[],"principals":[{"identifiers":[false]}],"resources":[true]}]},"before_sensitive":false,"after_sensitive":{"statement":[{"actions":[false],"condition":[],"not_principals":[],"principals":[{"identifiers":[false]}],"resources":[false]}]}},"action_reason":"read_because_config_unknown"},{"address":"aws_s3_bucket.site","mode":"managed","type":"aws_s3_bucket","name":"site","provider_name":"registry.terraform.io/hashicorp/aws","change":{"actions":["create"],"before":null,"after":{"force_destroy":true,"tags":null,"tags_all":{"Managed":"terraform","Project":"static-page-template"},"timeouts":null},"after_unknown":{"acceleration_status":true,"acl":true,"arn":true,"bucket":true,"bucket_domain_name":true,"bucket_prefix":true,"bucket_regional_domain_name":true,"cors_rule":true,"grant":true,"hosted_zone_id":true,"id":true,"lifecycle_rule":true,"logging":true,"object_lock_configuration":true,"object_lock_enabled":true,"policy":true,"region":true,"replication_configuration":true,"request_payer":true,"server_side_encryption_configuration":true,"tags_all":{},"versioning":true,"website":true,"website_domain":true,"website_endpoint":true},"before_sensitive":false,"after_sensitive":{"cors_rule":[],"grant":[],"lifecycle_rule":[],"logging":[],"object_lock_configuration":[],"replication_configuration":[],"server_side_encryption_configuration":[],"tags_all":{},"versioning":[],"website":[]}}},{"address":"aws_s3_bucket_ownership_controls.site","mode":"managed","type":"aws_s3_bucket_ownership_controls","name":"site","provider_name":"registry.terraform.io/hashicorp/aws","change":{"actions":["create"],"before":null,"after":{"rule":[{"object_ownership":"BucketOwnerPreferred"}]},"after_unknown":{"bucket":true,"id":true,"rule":[{}]},"before_sensitive":false,"after_sensitive":{"rule":[{}]}}},{"address":"aws_s3_bucket_policy.public_read","mode":"managed","type":"aws_s3_bucket_policy","name":"public_read","provider_name":"registry.terraform.io/hashicorp/aws","change":{"actions":["create"],"before":null,"after":{},"after_unknown":{"bucket":true,"id":true,"policy":true},"before_sensitive":false,"after_sensitive":{}}},{"address":"aws_s3_bucket_public_access_block.site","mode":"managed","type":"aws_s3_bucket_public_access_block","name":"site","provider_name":"registry.terraform.io/hashicorp/aws","change":{"actions":["create"],"before":null,"after":{"block_public_acls":false,"block_public_policy":false,"ignore_public_acls":false,"restrict_public_buckets":false},"after_unknown":{"bucket":true,"id":true},"before_sensitive":false,"after_sensitive":{}}},{"address":"aws_s3_bucket_website_configuration.site","mode":"managed","type":"aws_s3_bucket_website_configuration","name":"site","provider_name":"registry.terraform.io/hashicorp/aws","change":{"actions":["create"],"before":null,"after":{"error_document":[{"key":"index.html"}],"expected_bucket_owner":null,"index_document":[{"suffix":"index.html"}],"redirect_all_requests_to":[]},"after_unknown":{"bucket":true,"error_document":[{}],"id":true,"index_document":[{}],"redirect_all_requests_to":[],"routing_rule":true,"routing_rules":true,"website_domain":true,"website_endpoint":true},"before_sensitive":false,"after_sensitive":{"error_document":[{}],"index_document":[{}],"redirect_all_requests_to":[],"routing_rule":[]}}},{"address":"random_id.suffix","mode":"managed","type":"random_id","name":"suffix","provider_name":"registry.terraform.io/hashicorp/random","change":{"actions":["create"],"before":null,"after":{"byte_length":4,"keepers":null,"prefix":null},"after_unknown":{"b64_std":true,"b64_url":true,"dec":true,"hex":true,"id":true},"before_sensitive":false,"after_sensitive":{}}}],"output_changes":{"bucket_name":{"actions":["create"],"before":null,"after_unknown":true,"before_sensitive":false,"after_sensitive":false},"website_domain":{"actions":["create"],"before":null,"after_unknown":true,"before_sensitive":false,"after_sensitive":false},"website_endpoint":{"actions":["create"],"before":null,"after_unknown":true,"before_sensitive":false,"after_sensitive":false}},"configuration":{"provider_config":{"aws":{"name":"aws","full_name":"registry.terraform.io/hashicorp/aws","version_constraint":"~\u003e 5.0","expressions":{"default_tags":[{"tags":{"references":["var.tags"]}}],"region":{"references":["var.aws_region"]}}},"random":{"name":"random","full_name":"registry.terraform.io/hashicorp/random","version_constraint":"~\u003e 3.6"}},"root_module":{"outputs":{"bucket_name":{"expression":{"references":["aws_s3_bucket.site.bucket","aws_s3_bucket.site"]},"description":"S3 bucket name for the static site."},"website_domain":{"expression":{"references":["aws_s3_bucket_website_configuration.site.website_domain","aws_s3_bucket_website_configuration.site"]},"description":"S3 static website domain."},"website_endpoint":{"expression":{"references":["aws_s3_bucket_website_configuration.site.website_endpoint","aws_s3_bucket_website_configuration.site"]},"description":"S3 static website endpoint (HTTP)."}},"resources":[{"address":"aws_s3_bucket.site","mode":"managed","type":"aws_s3_bucket","name":"site","provider_config_key":"aws","expressions":{"bucket":{"references":["local.bucket_name"]},"force_destroy":{"constant_value":true}},"schema_version":0},{"address":"aws_s3_bucket_ownership_controls.site","mode":"managed","type":"aws_s3_bucket_ownership_controls","name":"site","provider_config_key":"aws","expressions":{"bucket":{"references":["aws_s3_bucket.site.id","aws_s3_bucket.site"]},"rule":[{"object_ownership":{"constant_value":"BucketOwnerPreferred"}}]},"schema_version":0},{"address":"aws_s3_bucket_policy.public_read","mode":"managed","type":"aws_s3_bucket_policy","name":"public_read","provider_config_key":"aws","expressions":{"bucket":{"references":["aws_s3_bucket.site.id","aws_s3_bucket.site"]},"policy":{"references":["data.aws_iam_policy_document.public_read.json","data.aws_iam_policy_document.public_read"]}},"schema_version":0,"depends_on":["aws_s3_bucket_public_access_block.site"]},{"address":"aws_s3_bucket_public_access_block.site","mode":"managed","type":"aws_s3_bucket_public_access_block","name":"site","provider_config_key":"aws","expressions":{"block_public_acls":{"constant_value":false},"block_public_policy":{"constant_value":false},"bucket":{"references":["aws_s3_bucket.site.id","aws_s3_bucket.site"]},"ignore_public_acls":{"constant_value":false},"restrict_public_buckets":{"constant_value":false}},"schema_version":0},{"address":"aws_s3_bucket_website_configuration.site","mode":"managed","type":"aws_s3_bucket_website_configuration","name":"site","provider_config_key":"aws","expressions":{"bucket":{"references":["aws_s3_bucket.site.id","aws_s3_bucket.site"]},"error_document":[{"key":{"constant_value":"index.html"}}],"index_document":[{"suffix":{"constant_value":"index.html"}}]},"schema_version":0},{"address":"random_id.suffix","mode":"managed","type":"random_id","name":"suffix","provider_config_key":"random","expressions":{"byte_length":{"constant_value":4}},"schema_version":0},{"address":"data.aws_iam_policy_document.public_read","mode":"data","type":"aws_iam_policy_document","name":"public_read","provider_config_key":"aws","expressions":{"statement":[{"actions":{"constant_value":["s3:GetObject"]},"effect":{"constant_value":"Allow"},"principals":[{"identifiers":{"constant_value":["*"]},"type":{"constant_value":"*"}}],"resources":{"references":["aws_s3_bucket.site.arn","aws_s3_bucket.site"]},"sid":{"constant_value":"PublicReadGetObject"}}]},"schema_version":0}],"variables":{"app_name":{"default":"static-page","description":"Application name used for resource naming."},"aws_region":{"default":"us-east-1","description":"AWS region to deploy into."},"tags":{"default":{"Managed":"terraform","Project":"static-page-template"},"description":"Tags applied to all supported resources."}}}},"relevant_attributes":[{"resource":"aws_s3_bucket.site","attribute":["bucket"]},{"resource":"aws_s3_bucket_website_configuration.site","attribute":["website_domain"]},{"resource":"aws_s3_bucket_website_configuration.site","attribute":["website_endpoint"]},{"resource":"aws_s3_bucket.site","attribute":["arn"]},{"resource":"random_id.suffix","attribute":["hex"]},{"resource":"data.aws_iam_policy_document.public_read","attribute":["json"]},{"resource":"aws_s3_bucket.site","attribute":["id"]}],"timestamp":"2026-01-25T17:42:37Z","applyable":true,"complete":true,"errored":false}
