{"format_version":"1.2","terraform_version":"1.13.5","variables":{"app_name":{"value":"etl-pipeline-project"},"aws_region":{"value":"us-east-1"},"s3_bucket_name":{"value":null}},"planned_values":{"outputs":{"s3_bucket_arn":{"sensitive":false},"s3_bucket_name":{"sensitive":false},"writer_role_arn":{"sensitive":false}},"root_module":{"resources":[{"address":"aws_iam_policy.writer","mode":"managed","type":"aws_iam_policy","name":"writer","provider_name":"registry.terraform.io/hashicorp/aws","schema_version":0,"values":{"description":"Allow writing objects to the ETL S3 bucket.","path":"/","tags":null,"tags_all":{"Managed":"terraform","Project":"etl-pipeline-project"}},"sensitive_values":{"tags_all":{}}},{"address":"aws_iam_role.writer","mode":"managed","type":"aws_iam_role","name":"writer","provider_name":"registry.terraform.io/hashicorp/aws","schema_version":0,"values":{"assume_role_policy":"{\"Statement\":[{\"Action\":\"sts:AssumeRole\",\"Effect\":\"Allow\",\"Principal\":{\"Service\":\"lambda.amazonaws.com\"}}],\"Version\":\"2012-10-17\"}","description":null,"force_detach_policies":false,"max_session_duration":3600,"path":"/","permissions_boundary":null,"tags":null,"tags_all":{"Managed":"terraform","Project":"etl-pipeline-project"}},"sensitive_values":{"inline_policy":[],"managed_policy_arns":[],"tags_all":{}}},{"address":"aws_iam_role_policy_attachment.writer","mode":"managed","type":"aws_iam_role_policy_attachment","name":"writer","provider_name":"registry.terraform.io/hashicorp/aws","schema_version":0,"sensitive_values":{}},{"address":"aws_s3_bucket.data","mode":"managed","type":"aws_s3_bucket","name":"data","provider_name":"registry.terraform.io/hashicorp/aws","schema_version":0,"values":{"force_destroy":true,"tags":null,"tags_all":{"Managed":"terraform","Project":"etl-pipeline-project"},"timeouts":null},"sensitive_values":{"cors_rule":[],"grant":[],"lifecycle_rule":[],"logging":[],"object_lock_configuration":[],"replication_configuration":[],"server_side_encryption_configuration":[],"tags_all":{},"versioning":[],"website":[]}},{"address":"aws_s3_bucket_public_access_block.data","mode":"managed","type":"aws_s3_bucket_public_access_block","name":"data","provider_name":"registry.terraform.io/hashicorp/aws","schema_version":0,"values":{"block_public_acls":true,"block_public_policy":true,"ignore_public_acls":true,"restrict_public_buckets":true},"sensitive_values":{}},{"address":"aws_s3_bucket_server_side_encryption_configuration.data","mode":"managed","type":"aws_s3_bucket_server_side_encryption_configuration","name":"data","provider_name":"registry.terraform.io/hashicorp/aws","schema_version":0,"values":{"expected_bucket_owner":null,"rule":[{"apply_server_side_encryption_by_default":[{"kms_master_key_id":"","sse_algorithm":"AES256"}],"bucket_key_enabled":null}]},"sensitive_values":{"rule":[{"apply_server_side_encryption_by_default":[{}]}]}},{"address":"aws_s3_bucket_versioning.data","mode":"managed","type":"aws_s3_bucket_versioning","name":"data","provider_name":"registry.terraform.io/hashicorp/aws","schema_version":0,"values":{"expected_bucket_owner":null,"mfa":null,"versioning_configuration":[{"status":"Enabled"}]},"sensitive_values":{"versioning_configuration":[{}]}},{"address":"random_id.suffix","mode":"managed","type":"random_id","name":"suffix","provider_name":"registry.terraform.io/hashicorp/random","schema_version":0,"values":{"byte_length":4,"keepers":null,"prefix":null},"sensitive_values":{}}]}},"resource_changes":[{"address":"aws_iam_policy.writer","mode":"managed","type":"aws_iam_policy","name":"writer","provider_name":"registry.terraform.io/hashicorp/aws","change":{"actions":["create"],"before":null,"after":{"description":"Allow writing objects to the ETL S3 bucket.","path":"/","tags":null,"tags_all":{"Managed":"terraform","Project":"etl-pipeline-project"}},"after_unknown":{"arn":true,"attachment_count":true,"id":true,"name":true,"name_prefix":true,"policy":true,"policy_id":true,"tags_all":{}},"before_sensitive":false,"after_sensitive":{"tags_all":{}}}},{"address":"aws_iam_role.writer","mode":"managed","type":"aws_iam_role","name":"writer","provider_name":"registry.terraform.io/hashicorp/aws","change":{"actions":["create"],"before":null,"after":{"assume_role_policy":"{\"Statement\":[{\"Action\":\"sts:AssumeRole\",\"Effect\":\"Allow\",\"Principal\":{\"Service\":\"lambda.amazonaws.com\"}}],\"Version\":\"2012-10-17\"}","description":null,"force_detach_policies":false,"max_session_duration":3600,"path":"/","permissions_boundary":null,"tags":null,"tags_all":{"Managed":"terraform","Project":"etl-pipeline-project"}},"after_unknown":{"arn":true,"create_date":true,"id":true,"inline_policy":true,"managed_policy_arns":true,"name":true,"name_prefix":true,"tags_all":{},"unique_id":true},"before_sensitive":false,"after_sensitive":{"inline_policy":[],"managed_policy_arns":[],"tags_all":{}}}},{"address":"aws_iam_role_policy_attachment.writer","mode":"managed","type":"aws_iam_role_policy_attachment","name":"writer","provider_name":"registry.terraform.io/hashicorp/aws","change":{"actions":["create"],"before":null,"after":{},"after_unknown":{"id":true,"policy_arn":true,"role":true},"before_sensitive":false,"after_sensitive":{}}},{"address":"aws_s3_bucket.data","mode":"managed","type":"aws_s3_bucket","name":"data","provider_name":"registry.terraform.io/hashicorp/aws","change":{"actions":["create"],"before":null,"after":{"force_destroy":true,"tags":null,"tags_all":{"Managed":"terraform","Project":"etl-pipeline-project"},"timeouts":null},"after_unknown":{"acceleration_status":true,"acl":true,"arn":true,"bucket":true,"bucket_domain_name":true,"bucket_prefix":true,"bucket_regional_domain_name":true,"cors_rule":true,"grant":true,"hosted_zone_id":true,"id":true,"lifecycle_rule":true,"logging":true,"object_lock_configuration":true,"object_lock_enabled":true,"policy":true,"region":true,"replication_configuration":true,"request_payer":true,"server_side_encryption_configuration":true,"tags_all":{},"versioning":true,"website":true,"website_domain":true,"website_endpoint":true},"before_sensitive":false,"after_sensitive":{"cors_rule":[],"grant":[],"lifecycle_rule":[],"logging":[],"object_lock_configuration":[],"replication_configuration":[],"server_side_encryption_configuration":[],"tags_all":{},"versioning":[],"website":[]}}},{"address":"aws_s3_bucket_public_access_block.data","mode":"managed","type":"aws_s3_bucket_public_access_block","name":"data","provider_name":"registry.terraform.io/hashicorp/aws","change":{"actions":["create"],"before":null,"after":{"block_public_acls":true,"block_public_policy":true,"ignore_public_acls":true,"restrict_public_buckets":true},"after_unknown":{"bucket":true,"id":true},"before_sensitive":false,"after_sensitive":{}}},{"address":"aws_s3_bucket_server_side_encryption_configuration.data","mode":"managed","type":"aws_s3_bucket_server_side_encryption_configuration","name":"data","provider_name":"registry.terraform.io/hashicorp/aws","change":{"actions":["create"],"before":null,"after":{"expected_bucket_owner":null,"rule":[{"apply_server_side_encryption_by_default":[{"kms_master_key_id":"","sse_algorithm":"AES256"}],"bucket_key_enabled":null}]},"after_unknown":{"bucket":true,"id":true,"rule":[{"apply_server_side_encryption_by_default":[{}]}]},"before_sensitive":false,"after_sensitive":{"rule":[{"apply_server_side_encryption_by_default":[{}]}]}}},{"address":"aws_s3_bucket_versioning.data","mode":"managed","type":"aws_s3_bucket_versioning","name":"data","provider_name":"registry.terraform.io/hashicorp/aws","change":{"actions":["create"],"before":null,"after":{"expected_bucket_owner":null,"mfa":null,"versioning_configuration":[{"status":"Enabled"}]},"after_unknown":{"bucket":true,"id":true,"versioning_configuration":[{"mfa_delete":true}]},"before_sensitive":false,"after_sensitive":{"versioning_configuration":[{}]}}},{"address":"random_id.suffix","mode":"managed","type":"random_id","name":"suffix","provider_name":"registry.terraform.io/hashicorp/random","change":{"actions":["create"],"before":null,"after":{"byte_length":4,"keepers":null,"prefix":null},"after_unknown":{"b64_std":true,"b64_url":true,"dec":true,"hex":true,"id":true},"before_sensitive":false,"after_sensitive":{}}}],"output_changes":{"s3_bucket_arn":{"actions":["create"],"before":null,"after_unknown":true,"before_sensitive":false,"after_sensitive":false},"s3_bucket_name":{"actions":["create"],"before":null,"after_unknown":true,"before_sensitive":false,"after_sensitive":false},"writer_role_arn":{"actions":["create"],"before":null,"after_unknown":true,"before_sensitive":false,"after_sensitive":false}},"configuration":{"provider_config":{"aws":{"name":"aws","full_name":"registry.terraform.io/hashicorp/aws","version_constraint":"~\u003e 5.0","expressions":{"default_tags":[{"tags":{"references":["var.app_name"]}}],"region":{"references":["var.aws_region"]}}},"random":{"name":"random","full_name":"registry.terraform.io/hashicorp/random","version_constraint":"~\u003e 3.6"}},"root_module":{"outputs":{"s3_bucket_arn":{"expression":{"references":["aws_s3_bucket.data.arn","aws_s3_bucket.data"]},"description":"ARN of the S3 bucket."},"s3_bucket_name":{"expression":{"references":["aws_s3_bucket.data.bucket","aws_s3_bucket.data"]},"description":"S3 bucket used as the landing zone for the ETL pipeline."},"writer_role_arn":{"expression":{"references":["aws_iam_role.writer.arn","aws_iam_role.writer"]},"description":"IAM role ARN that can be assumed by Lambda (stub) to write to the bucket."}},"resources":[{"address":"aws_iam_policy.writer","mode":"managed","type":"aws_iam_policy","name":"writer","provider_config_key":"aws","expressions":{"description":{"constant_value":"Allow writing objects to the ETL S3 bucket."},"name":{"references":["var.app_name","random_id.suffix.hex","random_id.suffix"]},"policy":{"references":["aws_s3_bucket.data.arn","aws_s3_bucket.data","aws_s3_bucket.data.arn","aws_s3_bucket.data"]}},"schema_version":0},{"address":"aws_iam_role.writer","mode":"managed","type":"aws_iam_role","name":"writer","provider_config_key":"aws","expressions":{"assume_role_policy":{},"name":{"references":["var.app_name","random_id.suffix.hex","random_id.suffix"]}},"schema_version":0},{"address":"aws_iam_role_policy_attachment.writer","mode":"managed","type":"aws_iam_role_policy_attachment","name":"writer","provider_config_key":"aws","expressions":{"policy_arn":{"references":["aws_iam_policy.writer.arn","aws_iam_policy.writer"]},"role":{"references":["aws_iam_role.writer.name","aws_iam_role.writer"]}},"schema_version":0},{"address":"aws_s3_bucket.data","mode":"managed","type":"aws_s3_bucket","name":"data","provider_config_key":"aws","expressions":{"bucket":{"references":["local.bucket_name"]},"force_destroy":{"constant_value":true}},"schema_version":0},{"address":"aws_s3_bucket_public_access_block.data","mode":"managed","type":"aws_s3_bucket_public_access_block","name":"data","provider_config_key":"aws","expressions":{"block_public_acls":{"constant_value":true},"block_public_policy":{"constant_value":true},"bucket":{"references":["aws_s3_bucket.data.id","aws_s3_bucket.data"]},"ignore_public_acls":{"constant_value":true},"restrict_public_buckets":{"constant_value":true}},"schema_version":0},{"address":"aws_s3_bucket_server_side_encryption_configuration.data","mode":"managed","type":"aws_s3_bucket_server_side_encryption_configuration","name":"data","provider_config_key":"aws","expressions":{"bucket":{"references":["aws_s3_bucket.data.id","aws_s3_bucket.data"]},"rule":[{"apply_server_side_encryption_by_default":[{"sse_algorithm":{"constant_value":"AES256"}}]}]},"schema_version":0},{"address":"aws_s3_bucket_versioning.data","mode":"managed","type":"aws_s3_bucket_versioning","name":"data","provider_config_key":"aws","expressions":{"bucket":{"references":["aws_s3_bucket.data.id","aws_s3_bucket.data"]},"versioning_configuration":[{"status":{"constant_value":"Enabled"}}]},"schema_version":0},{"address":"random_id.suffix","mode":"managed","type":"random_id","name":"suffix","provider_config_key":"random","expressions":{"byte_length":{"constant_value":4}},"schema_version":0}],"variables":{"app_name":{"default":"etl-pipeline-project","description":"Application name used for naming/tagging."},"aws_region":{"default":"us-east-1","description":"AWS region to deploy into."},"s3_bucket_name":{"default":null,"description":"Optional fixed S3 bucket name. Leave null to auto-generate a globally-unique name."}}}},"relevant_attributes":[{"resource":"aws_s3_bucket.data","attribute":["bucket"]},{"resource":"aws_iam_policy.writer","attribute":["arn"]},{"resource":"aws_s3_bucket.data","attribute":["arn"]},{"resource":"aws_s3_bucket.data","attribute":["id"]},{"resource":"random_id.suffix","attribute":["hex"]},{"resource":"aws_iam_role.writer","attribute":["arn"]},{"resource":"aws_iam_role.writer","attribute":["name"]}],"timestamp":"2026-01-25T18:16:06Z","applyable":true,"complete":true,"errored":false}
