{"format_version":"1.2","terraform_version":"1.13.5","variables":{"app_name":{"value":"prefect-agent-ecs"},"aws_region":{"value":"us-east-1"},"create_ecr_repository":{"value":true},"prefect_api_key":{"value":""},"prefect_api_url":{"value":""},"prefect_work_queue":{"value":"test-queue"}},"planned_values":{"outputs":{"aws_account_id":{"sensitive":false,"type":"string","value":"000000000000"},"aws_region":{"sensitive":false,"type":"string","value":"us-east-1"},"ecr_repository_url":{"sensitive":false},"prefect_artifacts_bucket_name":{"sensitive":false}},"root_module":{"resources":[{"address":"aws_ecr_lifecycle_policy.agent[0]","mode":"managed","type":"aws_ecr_lifecycle_policy","name":"agent","index":0,"provider_name":"registry.terraform.io/hashicorp/aws","schema_version":0,"values":{"policy":"{\"rules\":[{\"action\":{\"type\":\"expire\"},\"description\":\"Keep last 10 images\",\"rulePriority\":1,\"selection\":{\"countNumber\":10,\"countType\":\"imageCountMoreThan\",\"tagStatus\":\"any\"}}]}","region":"us-east-1","repository":"prefect-agent-ecs"},"sensitive_values":{},"identity_schema_version":0,"identity":{"account_id":null,"region":null,"repository":null}},{"address":"aws_ecr_repository.agent[0]","mode":"managed","type":"aws_ecr_repository","name":"agent","index":0,"provider_name":"registry.terraform.io/hashicorp/aws","schema_version":0,"values":{"encryption_configuration":[],"force_delete":null,"image_scanning_configuration":[{"scan_on_push":true}],"image_tag_mutability":"MUTABLE","image_tag_mutability_exclusion_filter":[],"name":"prefect-agent-ecs","region":"us-east-1","tags":null,"tags_all":{"Managed":"terraform","Project":"prefect-agent-ecs"},"timeouts":null},"sensitive_values":{"encryption_configuration":[],"image_scanning_configuration":[{}],"image_tag_mutability_exclusion_filter":[],"tags_all":{}},"identity_schema_version":0,"identity":{"account_id":null,"name":null,"region":null}},{"address":"aws_s3_bucket.prefect_artifacts","mode":"managed","type":"aws_s3_bucket","name":"prefect_artifacts","provider_name":"registry.terraform.io/hashicorp/aws","schema_version":0,"values":{"bucket_prefix":"prefect-agent-ecs-artifacts-","force_destroy":true,"region":"us-east-1","tags":null,"tags_all":{"Managed":"terraform","Project":"prefect-agent-ecs"},"timeouts":null},"sensitive_values":{"cors_rule":[],"grant":[],"lifecycle_rule":[],"logging":[],"object_lock_configuration":[],"replication_configuration":[],"server_side_encryption_configuration":[],"tags_all":{},"versioning":[],"website":[]},"identity_schema_version":0,"identity":{"account_id":null,"bucket":null,"region":null}},{"address":"aws_s3_bucket_server_side_encryption_configuration.prefect_artifacts","mode":"managed","type":"aws_s3_bucket_server_side_encryption_configuration","name":"prefect_artifacts","provider_name":"registry.terraform.io/hashicorp/aws","schema_version":0,"values":{"expected_bucket_owner":null,"region":"us-east-1","rule":[{"apply_server_side_encryption_by_default":[{"kms_master_key_id":"","sse_algorithm":"AES256"}],"blocked_encryption_types":[],"bucket_key_enabled":null}]},"sensitive_values":{"rule":[{"apply_server_side_encryption_by_default":[{}],"blocked_encryption_types":[]}]},"identity_schema_version":0,"identity":{"account_id":null,"bucket":null,"expected_bucket_owner":null,"region":null}},{"address":"aws_s3_bucket_versioning.prefect_artifacts","mode":"managed","type":"aws_s3_bucket_versioning","name":"prefect_artifacts","provider_name":"registry.terraform.io/hashicorp/aws","schema_version":0,"values":{"expected_bucket_owner":null,"mfa":null,"region":"us-east-1","versioning_configuration":[{"status":"Enabled"}]},"sensitive_values":{"versioning_configuration":[{}]},"identity_schema_version":0,"identity":{"account_id":null,"bucket":null,"expected_bucket_owner":null,"region":null}}]}},"resource_changes":[{"address":"aws_ecr_lifecycle_policy.agent[0]","mode":"managed","type":"aws_ecr_lifecycle_policy","name":"agent","index":0,"provider_name":"registry.terraform.io/hashicorp/aws","change":{"actions":["create"],"before":null,"after":{"policy":"{\"rules\":[{\"action\":{\"type\":\"expire\"},\"description\":\"Keep last 10 images\",\"rulePriority\":1,\"selection\":{\"countNumber\":10,\"countType\":\"imageCountMoreThan\",\"tagStatus\":\"any\"}}]}","region":"us-east-1","repository":"prefect-agent-ecs"},"after_unknown":{"id":true,"registry_id":true},"before_sensitive":false,"after_sensitive":{},"after_identity":{"account_id":null,"region":null,"repository":null}}},{"address":"aws_ecr_repository.agent[0]","mode":"managed","type":"aws_ecr_repository","name":"agent","index":0,"provider_name":"registry.terraform.io/hashicorp/aws","change":{"actions":["create"],"before":null,"after":{"encryption_configuration":[],"force_delete":null,"image_scanning_configuration":[{"scan_on_push":true}],"image_tag_mutability":"MUTABLE","image_tag_mutability_exclusion_filter":[],"name":"prefect-agent-ecs","region":"us-east-1","tags":null,"tags_all":{"Managed":"terraform","Project":"prefect-agent-ecs"},"timeouts":null},"after_unknown":{"arn":true,"encryption_configuration":[],"id":true,"image_scanning_configuration":[{}],"image_tag_mutability_exclusion_filter":[],"registry_id":true,"repository_url":true,"tags_all":{}},"before_sensitive":false,"after_sensitive":{"encryption_configuration":[],"image_scanning_configuration":[{}],"image_tag_mutability_exclusion_filter":[],"tags_all":{}},"after_identity":{"account_id":null,"name":null,"region":null}}},{"address":"aws_s3_bucket.prefect_artifacts","mode":"managed","type":"aws_s3_bucket","name":"prefect_artifacts","provider_name":"registry.terraform.io/hashicorp/aws","change":{"actions":["create"],"before":null,"after":{"bucket_prefix":"prefect-agent-ecs-artifacts-","force_destroy":true,"region":"us-east-1","tags":null,"tags_all":{"Managed":"terraform","Project":"prefect-agent-ecs"},"timeouts":null},"after_unknown":{"acceleration_status":true,"acl":true,"arn":true,"bucket":true,"bucket_domain_name":true,"bucket_region":true,"bucket_regional_domain_name":true,"cors_rule":true,"grant":true,"hosted_zone_id":true,"id":true,"lifecycle_rule":true,"logging":true,"object_lock_configuration":true,"object_lock_enabled":true,"policy":true,"replication_configuration":true,"request_payer":true,"server_side_encryption_configuration":true,"tags_all":{},"versioning":true,"website":true,"website_domain":true,"website_endpoint":true},"before_sensitive":false,"after_sensitive":{"cors_rule":[],"grant":[],"lifecycle_rule":[],"logging":[],"object_lock_configuration":[],"replication_configuration":[],"server_side_encryption_configuration":[],"tags_all":{},"versioning":[],"website":[]},"after_identity":{"account_id":null,"bucket":null,"region":null}}},{"address":"aws_s3_bucket_server_side_encryption_configuration.prefect_artifacts","mode":"managed","type":"aws_s3_bucket_server_side_encryption_configuration","name":"prefect_artifacts","provider_name":"registry.terraform.io/hashicorp/aws","change":{"actions":["create"],"before":null,"after":{"expected_bucket_owner":null,"region":"us-east-1","rule":[{"apply_server_side_encryption_by_default":[{"kms_master_key_id":"","sse_algorithm":"AES256"}],"blocked_encryption_types":[],"bucket_key_enabled":null}]},"after_unknown":{"bucket":true,"id":true,"rule":[{"apply_server_side_encryption_by_default":[{}],"blocked_encryption_types":[]}]},"before_sensitive":false,"after_sensitive":{"rule":[{"apply_server_side_encryption_by_default":[{}],"blocked_encryption_types":[]}]},"after_identity":{"account_id":null,"bucket":null,"expected_bucket_owner":null,"region":null}}},{"address":"aws_s3_bucket_versioning.prefect_artifacts","mode":"managed","type":"aws_s3_bucket_versioning","name":"prefect_artifacts","provider_name":"registry.terraform.io/hashicorp/aws","change":{"actions":["create"],"before":null,"after":{"expected_bucket_owner":null,"mfa":null,"region":"us-east-1","versioning_configuration":[{"status":"Enabled"}]},"after_unknown":{"bucket":true,"id":true,"versioning_configuration":[{"mfa_delete":true}]},"before_sensitive":false,"after_sensitive":{"versioning_configuration":[{}]},"after_identity":{"account_id":null,"bucket":null,"expected_bucket_owner":null,"region":null}}}],"output_changes":{"aws_account_id":{"actions":["create"],"before":null,"after":"000000000000","after_unknown":false,"before_sensitive":false,"after_sensitive":false},"aws_region":{"actions":["create"],"before":null,"after":"us-east-1","after_unknown":false,"before_sensitive":false,"after_sensitive":false},"ecr_repository_url":{"actions":["create"],"before":null,"after_unknown":true,"before_sensitive":false,"after_sensitive":false},"prefect_artifacts_bucket_name":{"actions":["create"],"before":null,"after_unknown":true,"before_sensitive":false,"after_sensitive":false}},"prior_state":{"format_version":"1.0","terraform_version":"1.13.5","values":{"outputs":{"aws_account_id":{"sensitive":false,"value":"000000000000","type":"string"},"aws_region":{"sensitive":false,"value":"us-east-1","type":"string"}},"root_module":{"resources":[{"address":"data.aws_caller_identity.current","mode":"data","type":"aws_caller_identity","name":"current","provider_name":"registry.terraform.io/hashicorp/aws","schema_version":0,"values":{"account_id":"000000000000","arn":"arn:aws:iam::000000000000:root","id":"000000000000","user_id":"AKIAIOSFODNN7EXAMPLE"},"sensitive_values":{}},{"address":"data.aws_region.current","mode":"data","type":"aws_region","name":"current","provider_name":"registry.terraform.io/hashicorp/aws","schema_version":0,"values":{"description":"US East (N. Virginia)","endpoint":"ec2.us-east-1.amazonaws.com","id":"us-east-1","name":"us-east-1","region":"us-east-1"},"sensitive_values":{}}]}}},"configuration":{"provider_config":{"aws":{"name":"aws","full_name":"registry.terraform.io/hashicorp/aws","version_constraint":"\u003e= 5.0.0","expressions":{"default_tags":[{"tags":{"references":["var.app_name"]}}],"region":{"references":["var.aws_region"]}}}},"root_module":{"outputs":{"aws_account_id":{"expression":{"references":["data.aws_caller_identity.current.account_id","data.aws_caller_identity.current"]},"description":"AWS account id."},"aws_region":{"expression":{"references":["data.aws_region.current.id","data.aws_region.current"]},"description":"AWS region in use."},"ecr_repository_url":{"expression":{"references":["var.create_ecr_repository","aws_ecr_repository.agent[0].repository_url","aws_ecr_repository.agent[0]","aws_ecr_repository.agent"]},"description":"ECR repository URL for a custom Prefect agent image (if created)."},"prefect_artifacts_bucket_name":{"expression":{"references":["aws_s3_bucket.prefect_artifacts.bucket","aws_s3_bucket.prefect_artifacts"]},"description":"S3 bucket for Prefect flow storage/artifacts."}},"resources":[{"address":"aws_ecr_lifecycle_policy.agent","mode":"managed","type":"aws_ecr_lifecycle_policy","name":"agent","provider_config_key":"aws","expressions":{"policy":{},"repository":{"references":["aws_ecr_repository.agent[0].name","aws_ecr_repository.agent[0]","aws_ecr_repository.agent"]}},"schema_version":0,"count_expression":{"references":["var.create_ecr_repository"]}},{"address":"aws_ecr_repository.agent","mode":"managed","type":"aws_ecr_repository","name":"agent","provider_config_key":"aws","expressions":{"image_scanning_configuration":[{"scan_on_push":{"constant_value":true}}],"image_tag_mutability":{"constant_value":"MUTABLE"},"name":{"references":["var.app_name"]}},"schema_version":0,"count_expression":{"references":["var.create_ecr_repository"]}},{"address":"aws_s3_bucket.prefect_artifacts","mode":"managed","type":"aws_s3_bucket","name":"prefect_artifacts","provider_config_key":"aws","expressions":{"bucket_prefix":{"references":["var.app_name"]},"force_destroy":{"constant_value":true}},"schema_version":0},{"address":"aws_s3_bucket_server_side_encryption_configuration.prefect_artifacts","mode":"managed","type":"aws_s3_bucket_server_side_encryption_configuration","name":"prefect_artifacts","provider_config_key":"aws","expressions":{"bucket":{"references":["aws_s3_bucket.prefect_artifacts.id","aws_s3_bucket.prefect_artifacts"]},"rule":[{"apply_server_side_encryption_by_default":[{"sse_algorithm":{"constant_value":"AES256"}}]}]},"schema_version":0},{"address":"aws_s3_bucket_versioning.prefect_artifacts","mode":"managed","type":"aws_s3_bucket_versioning","name":"prefect_artifacts","provider_config_key":"aws","expressions":{"bucket":{"references":["aws_s3_bucket.prefect_artifacts.id","aws_s3_bucket.prefect_artifacts"]},"versioning_configuration":[{"status":{"constant_value":"Enabled"}}]},"schema_version":0},{"address":"data.aws_caller_identity.current","mode":"data","type":"aws_caller_identity","name":"current","provider_config_key":"aws","schema_version":0},{"address":"data.aws_region.current","mode":"data","type":"aws_region","name":"current","provider_config_key":"aws","schema_version":0}],"variables":{"app_name":{"default":"prefect-agent-ecs","description":"Name prefix for resources."},"aws_region":{"default":"us-east-1","description":"AWS region to deploy into."},"create_ecr_repository":{"default":true,"description":"Whether to create an ECR repository for a custom agent image."},"prefect_api_key":{"default":"","description":"Prefect API key for the agent.","sensitive":true},"prefect_api_url":{"default":"","description":"Prefect API URL (e.g., https://api.prefect.cloud/api/accounts/\u003caccount_id\u003e/workspaces/\u003cworkspace_id\u003e)."},"prefect_work_queue":{"default":"test-queue","description":"Prefect work queue name the agent should poll."}}}},"relevant_attributes":[{"resource":"aws_ecr_repository.agent[0]","attribute":["name"]},{"resource":"data.aws_region.current","attribute":["id"]},{"resource":"aws_s3_bucket.prefect_artifacts","attribute":["id"]},{"resource":"aws_ecr_repository.agent[0]","attribute":["repository_url"]},{"resource":"data.aws_caller_identity.current","attribute":["account_id"]},{"resource":"aws_s3_bucket.prefect_artifacts","attribute":["bucket"]}],"timestamp":"2026-01-26T23:32:55Z","applyable":true,"complete":true,"errored":false}
