data.archive_file.lambda_zip: Reading...
data.archive_file.lambda_dummy: Reading...
data.archive_file.lambda_dummy: Read complete after 0s [id=58e93fade67637870be5af38eff8d5aa66c7da49]
data.archive_file.lambda_zip: Read complete after 0s [id=0694ddfae9fa197858062a1c2e790309415b78de]

Terraform used the selected providers to generate the following execution
plan. Resource actions are indicated with the following symbols:
  + create

Terraform will perform the following actions:

  # aws_apigatewayv2_api.lambda_api will be created
  + resource "aws_apigatewayv2_api" "lambda_api" {
      + api_endpoint                 = (known after apply)
      + api_key_selection_expression = "$request.header.x-api-key"
      + arn                          = (known after apply)
      + execution_arn                = (known after apply)
      + id                           = (known after apply)
      + ip_address_type              = (known after apply)
      + name                         = "url_shortener_api"
      + protocol_type                = "HTTP"
      + region                       = "us-east-1"
      + route_selection_expression   = "$request.method $request.path"
      + tags_all                     = (known after apply)
    }

  # aws_apigatewayv2_integration.lambda_integration will be created
  + resource "aws_apigatewayv2_integration" "lambda_integration" {
      + api_id                                    = (known after apply)
      + connection_type                           = "INTERNET"
      + id                                        = (known after apply)
      + integration_method                        = "POST"
      + integration_response_selection_expression = (known after apply)
      + integration_type                          = "AWS_PROXY"
      + integration_uri                           = (known after apply)
      + payload_format_version                    = "2.0"
      + region                                    = "us-east-1"
      + timeout_milliseconds                      = (known after apply)
    }

  # aws_apigatewayv2_route.redirect_route will be created
  + resource "aws_apigatewayv2_route" "redirect_route" {
      + api_id             = (known after apply)
      + api_key_required   = false
      + authorization_type = "NONE"
      + id                 = (known after apply)
      + region             = "us-east-1"
      + route_key          = "GET /{proxy+}"
      + target             = (known after apply)
    }

  # aws_apigatewayv2_route.store_route will be created
  + resource "aws_apigatewayv2_route" "store_route" {
      + api_id             = (known after apply)
      + api_key_required   = false
      + authorization_type = "NONE"
      + id                 = (known after apply)
      + region             = "us-east-1"
      + route_key          = "POST /store"
      + target             = (known after apply)
    }

  # aws_apigatewayv2_stage.default_stage will be created
  + resource "aws_apigatewayv2_stage" "default_stage" {
      + api_id        = (known after apply)
      + arn           = (known after apply)
      + auto_deploy   = true
      + deployment_id = (known after apply)
      + execution_arn = (known after apply)
      + id            = (known after apply)
      + invoke_url    = (known after apply)
      + name          = "$default"
      + region        = "us-east-1"
      + tags_all      = (known after apply)
    }

  # aws_dynamodb_table.url_table will be created
  + resource "aws_dynamodb_table" "url_table" {
      + arn              = (known after apply)
      + billing_mode     = "PAY_PER_REQUEST"
      + hash_key         = "short_url_id"
      + id               = (known after apply)
      + name             = "URLDB"
      + read_capacity    = (known after apply)
      + region           = "us-east-1"
      + stream_arn       = (known after apply)
      + stream_label     = (known after apply)
      + stream_view_type = (known after apply)
      + tags             = {
          + "Name" = "URLDB"
        }
      + tags_all         = {
          + "Name" = "URLDB"
        }
      + write_capacity   = (known after apply)

      + attribute {
          + name = "short_url_id"
          + type = "S"
        }

      + global_secondary_index (known after apply)

      + global_table_witness (known after apply)

      + point_in_time_recovery (known after apply)

      + server_side_encryption (known after apply)

      + ttl {
          + attribute_name = "ttl"
          + enabled        = true
        }

      + warm_throughput (known after apply)
    }

  # aws_iam_role.lambda_exec will be created
  + resource "aws_iam_role" "lambda_exec" {
      + arn                   = (known after apply)
      + assume_role_policy    = jsonencode(
            {
              + Statement = [
                  + {
                      + Action    = "sts:AssumeRole"
                      + Effect    = "Allow"
                      + Principal = {
                          + Service = "lambda.amazonaws.com"
                        }
                    },
                ]
              + Version   = "2012-10-17"
            }
        )
      + create_date           = (known after apply)
      + force_detach_policies = false
      + id                    = (known after apply)
      + managed_policy_arns   = (known after apply)
      + max_session_duration  = 3600
      + name                  = "lambda_exec_role"
      + name_prefix           = (known after apply)
      + path                  = "/"
      + tags_all              = (known after apply)
      + unique_id             = (known after apply)

      + inline_policy (known after apply)
    }

  # aws_iam_role_policy.lambda_policy will be created
  + resource "aws_iam_role_policy" "lambda_policy" {
      + id          = (known after apply)
      + name        = "lambda_policy"
      + name_prefix = (known after apply)
      + policy      = (known after apply)
      + role        = (known after apply)
    }

  # aws_lambda_function.url_shortener will be created
  + resource "aws_lambda_function" "url_shortener" {
      + architectures                  = (known after apply)
      + arn                            = (known after apply)
      + code_sha256                    = (known after apply)
      + filename                       = "./lambda.zip"
      + function_name                  = "url_shortener_lambda"
      + handler                        = "lambda.handler"
      + id                             = (known after apply)
      + invoke_arn                     = (known after apply)
      + last_modified                  = (known after apply)
      + memory_size                    = 128
      + package_type                   = "Zip"
      + publish                        = false
      + qualified_arn                  = (known after apply)
      + qualified_invoke_arn           = (known after apply)
      + region                         = "us-east-1"
      + reserved_concurrent_executions = -1
      + response_streaming_invoke_arn  = (known after apply)
      + role                           = (known after apply)
      + runtime                        = "python3.11"
      + signing_job_arn                = (known after apply)
      + signing_profile_version_arn    = (known after apply)
      + skip_destroy                   = false
      + source_code_hash               = "+loelJlEK2rl9wTBJ00chcoxoH4wKrSN5xNQvf7w9X8="
      + source_code_size               = (known after apply)
      + tags_all                       = (known after apply)
      + timeout                        = 10
      + version                        = (known after apply)

      + environment {
          + variables = {
              + "TABLE_NAME" = "URLDB"
            }
        }

      + ephemeral_storage (known after apply)

      + logging_config (known after apply)

      + tracing_config (known after apply)
    }

  # aws_lambda_permission.apigw will be created
  + resource "aws_lambda_permission" "apigw" {
      + action              = "lambda:InvokeFunction"
      + function_name       = "url_shortener_lambda"
      + id                  = (known after apply)
      + principal           = "apigateway.amazonaws.com"
      + region              = "us-east-1"
      + source_arn          = (known after apply)
      + statement_id        = "AllowAPIGatewayInvoke"
      + statement_id_prefix = (known after apply)
    }

Plan: 10 to add, 0 to change, 0 to destroy.

Changes to Outputs:
  + api_gateway_url      = (known after apply)
  + dynamodb_table_name  = "URLDB"
  + lambda_function_name = "url_shortener_lambda"
