{"format_version":"1.2","terraform_version":"1.13.5","variables":{"aws_region":{"value":"us-east-1"},"dynamodb_table_name":{"value":"URLDB"},"lambda_function_name":{"value":"url_shortener_lambda"}},"planned_values":{"outputs":{"api_gateway_url":{"sensitive":false},"dynamodb_table_name":{"sensitive":false,"type":"string","value":"URLDB"},"lambda_function_name":{"sensitive":false,"type":"string","value":"url_shortener_lambda"}},"root_module":{"resources":[{"address":"aws_apigatewayv2_api.lambda_api","mode":"managed","type":"aws_apigatewayv2_api","name":"lambda_api","provider_name":"registry.terraform.io/hashicorp/aws","schema_version":0,"values":{"api_key_selection_expression":"$request.header.x-api-key","body":null,"cors_configuration":[],"credentials_arn":null,"description":null,"disable_execute_api_endpoint":null,"fail_on_warnings":null,"name":"url_shortener_api","protocol_type":"HTTP","region":"us-east-1","route_key":null,"route_selection_expression":"$request.method $request.path","tags":null,"target":null,"version":null},"sensitive_values":{"cors_configuration":[],"tags_all":{}}},{"address":"aws_apigatewayv2_integration.lambda_integration","mode":"managed","type":"aws_apigatewayv2_integration","name":"lambda_integration","provider_name":"registry.terraform.io/hashicorp/aws","schema_version":0,"values":{"connection_id":null,"connection_type":"INTERNET","content_handling_strategy":null,"credentials_arn":null,"description":null,"integration_method":"POST","integration_subtype":null,"integration_type":"AWS_PROXY","passthrough_behavior":null,"payload_format_version":"2.0","region":"us-east-1","request_parameters":null,"request_templates":null,"response_parameters":[],"template_selection_expression":null,"tls_config":[]},"sensitive_values":{"response_parameters":[],"tls_config":[]}},{"address":"aws_apigatewayv2_route.redirect_route","mode":"managed","type":"aws_apigatewayv2_route","name":"redirect_route","provider_name":"registry.terraform.io/hashicorp/aws","schema_version":0,"values":{"api_key_required":false,"authorization_scopes":null,"authorization_type":"NONE","authorizer_id":null,"model_selection_expression":null,"operation_name":null,"region":"us-east-1","request_models":null,"request_parameter":[],"route_key":"GET /{proxy+}","route_response_selection_expression":null},"sensitive_values":{"request_parameter":[]}},{"address":"aws_apigatewayv2_route.store_route","mode":"managed","type":"aws_apigatewayv2_route","name":"store_route","provider_name":"registry.terraform.io/hashicorp/aws","schema_version":0,"values":{"api_key_required":false,"authorization_scopes":null,"authorization_type":"NONE","authorizer_id":null,"model_selection_expression":null,"operation_name":null,"region":"us-east-1","request_models":null,"request_parameter":[],"route_key":"POST /store","route_response_selection_expression":null},"sensitive_values":{"request_parameter":[]}},{"address":"aws_apigatewayv2_stage.default_stage","mode":"managed","type":"aws_apigatewayv2_stage","name":"default_stage","provider_name":"registry.terraform.io/hashicorp/aws","schema_version":0,"values":{"access_log_settings":[],"auto_deploy":true,"client_certificate_id":null,"default_route_settings":[],"description":null,"name":"$default","region":"us-east-1","route_settings":[],"stage_variables":null,"tags":null},"sensitive_values":{"access_log_settings":[],"default_route_settings":[],"route_settings":[],"tags_all":{}}},{"address":"aws_dynamodb_table.url_table","mode":"managed","type":"aws_dynamodb_table","name":"url_table","provider_name":"registry.terraform.io/hashicorp/aws","schema_version":1,"values":{"attribute":[{"name":"short_url_id","type":"S"}],"billing_mode":"PAY_PER_REQUEST","deletion_protection_enabled":null,"hash_key":"short_url_id","import_table":[],"local_secondary_index":[],"name":"URLDB","on_demand_throughput":[],"range_key":null,"region":"us-east-1","replica":[],"restore_date_time":null,"restore_source_name":null,"restore_source_table_arn":null,"restore_to_latest_time":null,"stream_enabled":null,"table_class":null,"tags":{"Name":"URLDB"},"tags_all":{"Name":"URLDB"},"timeouts":null,"ttl":[{"attribute_name":"ttl","enabled":true}]},"sensitive_values":{"attribute":[{}],"global_secondary_index":[],"global_table_witness":[],"import_table":[],"local_secondary_index":[],"on_demand_throughput":[],"point_in_time_recovery":[],"replica":[],"server_side_encryption":[],"tags":{},"tags_all":{},"ttl":[{}],"warm_throughput":[]}},{"address":"aws_iam_role.lambda_exec","mode":"managed","type":"aws_iam_role","name":"lambda_exec","provider_name":"registry.terraform.io/hashicorp/aws","schema_version":0,"values":{"assume_role_policy":"{\"Statement\":[{\"Action\":\"sts:AssumeRole\",\"Effect\":\"Allow\",\"Principal\":{\"Service\":\"lambda.amazonaws.com\"}}],\"Version\":\"2012-10-17\"}","description":null,"force_detach_policies":false,"max_session_duration":3600,"name":"lambda_exec_role","path":"/","permissions_boundary":null,"tags":null},"sensitive_values":{"inline_policy":[],"managed_policy_arns":[],"tags_all":{}},"identity_schema_version":0,"identity":{"account_id":null,"name":null}},{"address":"aws_iam_role_policy.lambda_policy","mode":"managed","type":"aws_iam_role_policy","name":"lambda_policy","provider_name":"registry.terraform.io/hashicorp/aws","schema_version":0,"values":{"name":"lambda_policy"},"sensitive_values":{},"identity_schema_version":0,"identity":{"account_id":null,"name":null,"role":null}},{"address":"aws_lambda_function.url_shortener","mode":"managed","type":"aws_lambda_function","name":"url_shortener","provider_name":"registry.terraform.io/hashicorp/aws","schema_version":0,"values":{"capacity_provider_config":[],"code_signing_config_arn":null,"dead_letter_config":[],"description":null,"durable_config":[],"environment":[{"variables":{"TABLE_NAME":"URLDB"}}],"file_system_config":[],"filename":"./lambda.zip","function_name":"url_shortener_lambda","handler":"lambda.handler","image_config":[],"image_uri":null,"kms_key_arn":null,"layers":null,"memory_size":128,"package_type":"Zip","publish":false,"publish_to":null,"region":"us-east-1","replace_security_groups_on_destroy":null,"replacement_security_group_ids":null,"reserved_concurrent_executions":-1,"runtime":"python3.11","s3_bucket":null,"s3_key":null,"s3_object_version":null,"skip_destroy":false,"snap_start":[],"source_code_hash":"+loelJlEK2rl9wTBJ00chcoxoH4wKrSN5xNQvf7w9X8=","source_kms_key_arn":null,"tags":null,"tenancy_config":[],"timeout":10,"timeouts":null,"vpc_config":[]},"sensitive_values":{"architectures":[],"capacity_provider_config":[],"dead_letter_config":[],"durable_config":[],"environment":[{"variables":{}}],"ephemeral_storage":[],"file_system_config":[],"image_config":[],"logging_config":[],"snap_start":[],"tags_all":{},"tenancy_config":[],"tracing_config":[],"vpc_config":[]},"identity_schema_version":0,"identity":{"account_id":null,"function_name":null,"region":null}},{"address":"aws_lambda_permission.apigw","mode":"managed","type":"aws_lambda_permission","name":"apigw","provider_name":"registry.terraform.io/hashicorp/aws","schema_version":0,"values":{"action":"lambda:InvokeFunction","event_source_token":null,"function_name":"url_shortener_lambda","function_url_auth_type":null,"invoked_via_function_url":null,"principal":"apigateway.amazonaws.com","principal_org_id":null,"qualifier":null,"region":"us-east-1","source_account":null,"statement_id":"AllowAPIGatewayInvoke"},"sensitive_values":{},"identity_schema_version":0,"identity":{"account_id":null,"function_name":null,"qualifier":null,"region":null,"statement_id":null}}]}},"resource_changes":[{"address":"aws_apigatewayv2_api.lambda_api","mode":"managed","type":"aws_apigatewayv2_api","name":"lambda_api","provider_name":"registry.terraform.io/hashicorp/aws","change":{"actions":["create"],"before":null,"after":{"api_key_selection_expression":"$request.header.x-api-key","body":null,"cors_configuration":[],"credentials_arn":null,"description":null,"disable_execute_api_endpoint":null,"fail_on_warnings":null,"name":"url_shortener_api","protocol_type":"HTTP","region":"us-east-1","route_key":null,"route_selection_expression":"$request.method $request.path","tags":null,"target":null,"version":null},"after_unknown":{"api_endpoint":true,"arn":true,"cors_configuration":[],"execution_arn":true,"id":true,"ip_address_type":true,"tags_all":true},"before_sensitive":false,"after_sensitive":{"cors_configuration":[],"tags_all":{}}}},{"address":"aws_apigatewayv2_integration.lambda_integration","mode":"managed","type":"aws_apigatewayv2_integration","name":"lambda_integration","provider_name":"registry.terraform.io/hashicorp/aws","change":{"actions":["create"],"before":null,"after":{"connection_id":null,"connection_type":"INTERNET","content_handling_strategy":null,"credentials_arn":null,"description":null,"integration_method":"POST","integration_subtype":null,"integration_type":"AWS_PROXY","passthrough_behavior":null,"payload_format_version":"2.0","region":"us-east-1","request_parameters":null,"request_templates":null,"response_parameters":[],"template_selection_expression":null,"tls_config":[]},"after_unknown":{"api_id":true,"id":true,"integration_response_selection_expression":true,"integration_uri":true,"response_parameters":[],"timeout_milliseconds":true,"tls_config":[]},"before_sensitive":false,"after_sensitive":{"response_parameters":[],"tls_config":[]}}},{"address":"aws_apigatewayv2_route.redirect_route","mode":"managed","type":"aws_apigatewayv2_route","name":"redirect_route","provider_name":"registry.terraform.io/hashicorp/aws","change":{"actions":["create"],"before":null,"after":{"api_key_required":false,"authorization_scopes":null,"authorization_type":"NONE","authorizer_id":null,"model_selection_expression":null,"operation_name":null,"region":"us-east-1","request_models":null,"request_parameter":[],"route_key":"GET /{proxy+}","route_response_selection_expression":null},"after_unknown":{"api_id":true,"id":true,"request_parameter":[],"target":true},"before_sensitive":false,"after_sensitive":{"request_parameter":[]}}},{"address":"aws_apigatewayv2_route.store_route","mode":"managed","type":"aws_apigatewayv2_route","name":"store_route","provider_name":"registry.terraform.io/hashicorp/aws","change":{"actions":["create"],"before":null,"after":{"api_key_required":false,"authorization_scopes":null,"authorization_type":"NONE","authorizer_id":null,"model_selection_expression":null,"operation_name":null,"region":"us-east-1","request_models":null,"request_parameter":[],"route_key":"POST /store","route_response_selection_expression":null},"after_unknown":{"api_id":true,"id":true,"request_parameter":[],"target":true},"before_sensitive":false,"after_sensitive":{"request_parameter":[]}}},{"address":"aws_apigatewayv2_stage.default_stage","mode":"managed","type":"aws_apigatewayv2_stage","name":"default_stage","provider_name":"registry.terraform.io/hashicorp/aws","change":{"actions":["create"],"before":null,"after":{"access_log_settings":[],"auto_deploy":true,"client_certificate_id":null,"default_route_settings":[],"description":null,"name":"$default","region":"us-east-1","route_settings":[],"stage_variables":null,"tags":null},"after_unknown":{"access_log_settings":[],"api_id":true,"arn":true,"default_route_settings":[],"deployment_id":true,"execution_arn":true,"id":true,"invoke_url":true,"route_settings":[],"tags_all":true},"before_sensitive":false,"after_sensitive":{"access_log_settings":[],"default_route_settings":[],"route_settings":[],"tags_all":{}}}},{"address":"aws_dynamodb_table.url_table","mode":"managed","type":"aws_dynamodb_table","name":"url_table","provider_name":"registry.terraform.io/hashicorp/aws","change":{"actions":["create"],"before":null,"after":{"attribute":[{"name":"short_url_id","type":"S"}],"billing_mode":"PAY_PER_REQUEST","deletion_protection_enabled":null,"hash_key":"short_url_id","import_table":[],"local_secondary_index":[],"name":"URLDB","on_demand_throughput":[],"range_key":null,"region":"us-east-1","replica":[],"restore_date_time":null,"restore_source_name":null,"restore_source_table_arn":null,"restore_to_latest_time":null,"stream_enabled":null,"table_class":null,"tags":{"Name":"URLDB"},"tags_all":{"Name":"URLDB"},"timeouts":null,"ttl":[{"attribute_name":"ttl","enabled":true}]},"after_unknown":{"arn":true,"attribute":[{}],"global_secondary_index":true,"global_table_witness":true,"id":true,"import_table":[],"local_secondary_index":[],"on_demand_throughput":[],"point_in_time_recovery":true,"read_capacity":true,"replica":[],"server_side_encryption":true,"stream_arn":true,"stream_label":true,"stream_view_type":true,"tags":{},"tags_all":{},"ttl":[{}],"warm_throughput":true,"write_capacity":true},"before_sensitive":false,"after_sensitive":{"attribute":[{}],"global_secondary_index":[],"global_table_witness":[],"import_table":[],"local_secondary_index":[],"on_demand_throughput":[],"point_in_time_recovery":[],"replica":[],"server_side_encryption":[],"tags":{},"tags_all":{},"ttl":[{}],"warm_throughput":[]}}},{"address":"aws_iam_role.lambda_exec","mode":"managed","type":"aws_iam_role","name":"lambda_exec","provider_name":"registry.terraform.io/hashicorp/aws","change":{"actions":["create"],"before":null,"after":{"assume_role_policy":"{\"Statement\":[{\"Action\":\"sts:AssumeRole\",\"Effect\":\"Allow\",\"Principal\":{\"Service\":\"lambda.amazonaws.com\"}}],\"Version\":\"2012-10-17\"}","description":null,"force_detach_policies":false,"max_session_duration":3600,"name":"lambda_exec_role","path":"/","permissions_boundary":null,"tags":null},"after_unknown":{"arn":true,"create_date":true,"id":true,"inline_policy":true,"managed_policy_arns":true,"name_prefix":true,"tags_all":true,"unique_id":true},"before_sensitive":false,"after_sensitive":{"inline_policy":[],"managed_policy_arns":[],"tags_all":{}},"after_identity":{"account_id":null,"name":null}}},{"address":"aws_iam_role_policy.lambda_policy","mode":"managed","type":"aws_iam_role_policy","name":"lambda_policy","provider_name":"registry.terraform.io/hashicorp/aws","change":{"actions":["create"],"before":null,"after":{"name":"lambda_policy"},"after_unknown":{"id":true,"name_prefix":true,"policy":true,"role":true},"before_sensitive":false,"after_sensitive":{},"after_identity":{"account_id":null,"name":null,"role":null}}},{"address":"aws_lambda_function.url_shortener","mode":"managed","type":"aws_lambda_function","name":"url_shortener","provider_name":"registry.terraform.io/hashicorp/aws","change":{"actions":["create"],"before":null,"after":{"capacity_provider_config":[],"code_signing_config_arn":null,"dead_letter_config":[],"description":null,"durable_config":[],"environment":[{"variables":{"TABLE_NAME":"URLDB"}}],"file_system_config":[],"filename":"./lambda.zip","function_name":"url_shortener_lambda","handler":"lambda.handler","image_config":[],"image_uri":null,"kms_key_arn":null,"layers":null,"memory_size":128,"package_type":"Zip","publish":false,"publish_to":null,"region":"us-east-1","replace_security_groups_on_destroy":null,"replacement_security_group_ids":null,"reserved_concurrent_executions":-1,"runtime":"python3.11","s3_bucket":null,"s3_key":null,"s3_object_version":null,"skip_destroy":false,"snap_start":[],"source_code_hash":"+loelJlEK2rl9wTBJ00chcoxoH4wKrSN5xNQvf7w9X8=","source_kms_key_arn":null,"tags":null,"tenancy_config":[],"timeout":10,"timeouts":null,"vpc_config":[]},"after_unknown":{"architectures":true,"arn":true,"capacity_provider_config":[],"code_sha256":true,"dead_letter_config":[],"durable_config":[],"environment":[{"variables":{}}],"ephemeral_storage":true,"file_system_config":[],"id":true,"image_config":[],"invoke_arn":true,"last_modified":true,"logging_config":true,"qualified_arn":true,"qualified_invoke_arn":true,"response_streaming_invoke_arn":true,"role":true,"signing_job_arn":true,"signing_profile_version_arn":true,"snap_start":[],"source_code_size":true,"tags_all":true,"tenancy_config":[],"tracing_config":true,"version":true,"vpc_config":[]},"before_sensitive":false,"after_sensitive":{"architectures":[],"capacity_provider_config":[],"dead_letter_config":[],"durable_config":[],"environment":[{"variables":{}}],"ephemeral_storage":[],"file_system_config":[],"image_config":[],"logging_config":[],"snap_start":[],"tags_all":{},"tenancy_config":[],"tracing_config":[],"vpc_config":[]},"after_identity":{"account_id":null,"function_name":null,"region":null}}},{"address":"aws_lambda_permission.apigw","mode":"managed","type":"aws_lambda_permission","name":"apigw","provider_name":"registry.terraform.io/hashicorp/aws","change":{"actions":["create"],"before":null,"after":{"action":"lambda:InvokeFunction","event_source_token":null,"function_name":"url_shortener_lambda","function_url_auth_type":null,"invoked_via_function_url":null,"principal":"apigateway.amazonaws.com","principal_org_id":null,"qualifier":null,"region":"us-east-1","source_account":null,"statement_id":"AllowAPIGatewayInvoke"},"after_unknown":{"id":true,"source_arn":true,"statement_id_prefix":true},"before_sensitive":false,"after_sensitive":{},"after_identity":{"account_id":null,"function_name":null,"qualifier":null,"region":null,"statement_id":null}}}],"output_changes":{"api_gateway_url":{"actions":["create"],"before":null,"after_unknown":true,"before_sensitive":false,"after_sensitive":false},"dynamodb_table_name":{"actions":["create"],"before":null,"after":"URLDB","after_unknown":false,"before_sensitive":false,"after_sensitive":false},"lambda_function_name":{"actions":["create"],"before":null,"after":"url_shortener_lambda","after_unknown":false,"before_sensitive":false,"after_sensitive":false}},"prior_state":{"format_version":"1.0","terraform_version":"1.13.5","values":{"outputs":{"dynamodb_table_name":{"sensitive":false,"value":"URLDB","type":"string"},"lambda_function_name":{"sensitive":false,"value":"url_shortener_lambda","type":"string"}},"root_module":{"resources":[{"address":"data.archive_file.lambda_dummy","mode":"data","type":"archive_file","name":"lambda_dummy","provider_name":"registry.terraform.io/hashicorp/archive","schema_version":0,"values":{"exclude_symlink_directories":null,"excludes":null,"id":"58e93fade67637870be5af38eff8d5aa66c7da49","output_base64sha256":"wmbalFzzY/wG3ivChKElOZB3+B4gptmQyIat05p+fU4=","output_base64sha512":"BQYAg1LwEY4tDmry1VoRx6StX0vjH+7LpfB5KAZLVvfJQjioPbBv1QxI6QF6P2U614fU3h9XKBCb9z5Y1ornqA==","output_file_mode":null,"output_md5":"a0dbd832a6a977d6d5b28ea5c85e30fb","output_path":"./.dummy/lambda.zip","output_sha":"58e93fade67637870be5af38eff8d5aa66c7da49","output_sha256":"c266da945cf363fc06de2bc284a125399077f81e20a6d990c886add39a7e7d4e","output_sha512":"0506008352f0118e2d0e6af2d55a11c7a4ad5f4be31feecba5f07928064b56f7c94238a83db06fd50c48e9017a3f653ad787d4de1f5728109bf73e58d68ae7a8","output_size":246,"source":[{"content":"exports.handler = async (event) =\u003e {\n  console.log(\"Dummy lambda invoked\");\n  return { statusCode: 200, body: \"dummy\" };\n};\n","filename":"index.js"}],"source_content":null,"source_content_filename":null,"source_dir":null,"source_file":null,"type":"zip"},"sensitive_values":{"source":[{}]}},{"address":"data.archive_file.lambda_zip","mode":"data","type":"archive_file","name":"lambda_zip","provider_name":"registry.terraform.io/hashicorp/archive","schema_version":0,"values":{"exclude_symlink_directories":null,"excludes":[".git/*","ai_basis_tf/*","static/*"],"id":"0694ddfae9fa197858062a1c2e790309415b78de","output_base64sha256":"+loelJlEK2rl9wTBJ00chcoxoH4wKrSN5xNQvf7w9X8=","output_base64sha512":"azG0AGt5QqUHHZjkEI0SRJ8vXPs7zWOgY27JK35gYhX2imuV9C47S4aqLCbClZHj28OU/l1xLr35pOigfasLCg==","output_file_mode":null,"output_md5":"9f2f2912490ce1301f60c20981be0cd7","output_path":"./lambda.zip","output_sha":"0694ddfae9fa197858062a1c2e790309415b78de","output_sha256":"fa5a1e9499442b6ae5f704c1274d1c85ca31a07e302ab48de71350bdfef0f57f","output_sha512":"6b31b4006b7942a5071d98e4108d12449f2f5cfb3bcd63a0636ec92b7e606215f68a6b95f42e3b4b86aa2c26c29591e3dbc394fe5d712ebdf9a4e8a07dab0b0a","output_size":1866,"source":[],"source_content":null,"source_content_filename":null,"source_dir":"../","source_file":null,"type":"zip"},"sensitive_values":{"excludes":[false,false,false],"source":[]}}]}}},"configuration":{"provider_config":{"archive":{"name":"archive","full_name":"registry.terraform.io/hashicorp/archive","version_constraint":"~\u003e 2.7.1"},"aws":{"name":"aws","full_name":"registry.terraform.io/hashicorp/aws","version_constraint":"~\u003e 6.28.0","expressions":{"region":{"references":["var.aws_region"]}}}},"root_module":{"outputs":{"api_gateway_url":{"expression":{"references":["aws_apigatewayv2_api.lambda_api.api_endpoint","aws_apigatewayv2_api.lambda_api"]}},"dynamodb_table_name":{"expression":{"references":["aws_dynamodb_table.url_table.name","aws_dynamodb_table.url_table"]}},"lambda_function_name":{"expression":{"references":["aws_lambda_function.url_shortener.function_name","aws_lambda_function.url_shortener"]}}},"resources":[{"address":"aws_apigatewayv2_api.lambda_api","mode":"managed","type":"aws_apigatewayv2_api","name":"lambda_api","provider_config_key":"aws","expressions":{"name":{"constant_value":"url_shortener_api"},"protocol_type":{"constant_value":"HTTP"}},"schema_version":0},{"address":"aws_apigatewayv2_integration.lambda_integration","mode":"managed","type":"aws_apigatewayv2_integration","name":"lambda_integration","provider_config_key":"aws","expressions":{"api_id":{"references":["aws_apigatewayv2_api.lambda_api.id","aws_apigatewayv2_api.lambda_api"]},"integration_method":{"constant_value":"POST"},"integration_type":{"constant_value":"AWS_PROXY"},"integration_uri":{"references":["aws_lambda_function.url_shortener.invoke_arn","aws_lambda_function.url_shortener"]},"payload_format_version":{"constant_value":"2.0"}},"schema_version":0},{"address":"aws_apigatewayv2_route.redirect_route","mode":"managed","type":"aws_apigatewayv2_route","name":"redirect_route","provider_config_key":"aws","expressions":{"api_id":{"references":["aws_apigatewayv2_api.lambda_api.id","aws_apigatewayv2_api.lambda_api"]},"route_key":{"constant_value":"GET /{proxy+}"},"target":{"references":["aws_apigatewayv2_integration.lambda_integration.id","aws_apigatewayv2_integration.lambda_integration"]}},"schema_version":0},{"address":"aws_apigatewayv2_route.store_route","mode":"managed","type":"aws_apigatewayv2_route","name":"store_route","provider_config_key":"aws","expressions":{"api_id":{"references":["aws_apigatewayv2_api.lambda_api.id","aws_apigatewayv2_api.lambda_api"]},"route_key":{"constant_value":"POST /store"},"target":{"references":["aws_apigatewayv2_integration.lambda_integration.id","aws_apigatewayv2_integration.lambda_integration"]}},"schema_version":0},{"address":"aws_apigatewayv2_stage.default_stage","mode":"managed","type":"aws_apigatewayv2_stage","name":"default_stage","provider_config_key":"aws","expressions":{"api_id":{"references":["aws_apigatewayv2_api.lambda_api.id","aws_apigatewayv2_api.lambda_api"]},"auto_deploy":{"constant_value":true},"name":{"constant_value":"$default"}},"schema_version":0},{"address":"aws_dynamodb_table.url_table","mode":"managed","type":"aws_dynamodb_table","name":"url_table","provider_config_key":"aws","expressions":{"attribute":[{"name":{"constant_value":"short_url_id"},"type":{"constant_value":"S"}}],"billing_mode":{"constant_value":"PAY_PER_REQUEST"},"hash_key":{"constant_value":"short_url_id"},"name":{"references":["var.dynamodb_table_name"]},"tags":{"references":["var.dynamodb_table_name"]},"ttl":[{"attribute_name":{"constant_value":"ttl"},"enabled":{"constant_value":true}}]},"schema_version":1},{"address":"aws_iam_role.lambda_exec","mode":"managed","type":"aws_iam_role","name":"lambda_exec","provider_config_key":"aws","expressions":{"assume_role_policy":{},"name":{"constant_value":"lambda_exec_role"}},"schema_version":0},{"address":"aws_iam_role_policy.lambda_policy","mode":"managed","type":"aws_iam_role_policy","name":"lambda_policy","provider_config_key":"aws","expressions":{"name":{"constant_value":"lambda_policy"},"policy":{"references":["aws_dynamodb_table.url_table.arn","aws_dynamodb_table.url_table"]},"role":{"references":["aws_iam_role.lambda_exec.id","aws_iam_role.lambda_exec"]}},"schema_version":0},{"address":"aws_lambda_function.url_shortener","mode":"managed","type":"aws_lambda_function","name":"url_shortener","provider_config_key":"aws","expressions":{"environment":[{"variables":{"references":["var.dynamodb_table_name"]}}],"filename":{"references":["data.archive_file.lambda_zip.output_path","data.archive_file.lambda_zip"]},"function_name":{"references":["var.lambda_function_name"]},"handler":{"constant_value":"lambda.handler"},"role":{"references":["aws_iam_role.lambda_exec.arn","aws_iam_role.lambda_exec"]},"runtime":{"constant_value":"python3.11"},"source_code_hash":{"references":["data.archive_file.lambda_zip.output_base64sha256","data.archive_file.lambda_zip"]},"timeout":{"constant_value":10}},"schema_version":0},{"address":"aws_lambda_permission.apigw","mode":"managed","type":"aws_lambda_permission","name":"apigw","provider_config_key":"aws","expressions":{"action":{"constant_value":"lambda:InvokeFunction"},"function_name":{"references":["aws_lambda_function.url_shortener.function_name","aws_lambda_function.url_shortener"]},"principal":{"constant_value":"apigateway.amazonaws.com"},"source_arn":{"references":["aws_apigatewayv2_api.lambda_api.execution_arn","aws_apigatewayv2_api.lambda_api"]},"statement_id":{"constant_value":"AllowAPIGatewayInvoke"}},"schema_version":0},{"address":"data.archive_file.lambda_dummy","mode":"data","type":"archive_file","name":"lambda_dummy","provider_config_key":"archive","expressions":{"output_path":{"references":["local.lambda_dummy_zip"]},"source":[{"content":{"constant_value":"exports.handler = async (event) =\u003e {\n  console.log(\"Dummy lambda invoked\");\n  return { statusCode: 200, body: \"dummy\" };\n};\n"},"filename":{"constant_value":"index.js"}}],"type":{"constant_value":"zip"}},"schema_version":0},{"address":"data.archive_file.lambda_zip","mode":"data","type":"archive_file","name":"lambda_zip","provider_config_key":"archive","expressions":{"excludes":{"constant_value":["ai_basis_tf/*",".git/*","static/*"]},"output_path":{"constant_value":"./lambda.zip"},"source_dir":{"constant_value":"../"},"type":{"constant_value":"zip"}},"schema_version":0}],"variables":{"aws_region":{"default":"us-east-1","description":"AWS region to deploy into"},"dynamodb_table_name":{"default":"URLDB","description":"Name for the DynamoDB table"},"lambda_function_name":{"default":"url_shortener_lambda","description":"Name for the Lambda function"}}}},"relevant_attributes":[{"resource":"data.archive_file.lambda_zip","attribute":["output_base64sha256"]},{"resource":"data.archive_file.lambda_zip","attribute":["output_path"]},{"resource":"aws_apigatewayv2_api.lambda_api","attribute":["id"]},{"resource":"aws_apigatewayv2_integration.lambda_integration","attribute":["id"]},{"resource":"aws_iam_role.lambda_exec","attribute":["arn"]},{"resource":"aws_apigatewayv2_api.lambda_api","attribute":["execution_arn"]},{"resource":"aws_iam_role.lambda_exec","attribute":["id"]},{"resource":"aws_lambda_function.url_shortener","attribute":["function_name"]},{"resource":"aws_apigatewayv2_api.lambda_api","attribute":["api_endpoint"]},{"resource":"aws_dynamodb_table.url_table","attribute":["arn"]},{"resource":"aws_lambda_function.url_shortener","attribute":["invoke_arn"]},{"resource":"aws_dynamodb_table.url_table","attribute":["name"]}],"timestamp":"2026-01-22T18:28:32Z","applyable":true,"complete":true,"errored":false}
