{"format_version":"1.2","terraform_version":"1.13.5","variables":{"app_name":{"value":"ec2-test-server"},"aws_region":{"value":"ap-northeast-1"},"http_ingress_cidr":{"value":"0.0.0.0/0"},"instance_type":{"value":"t3.micro"},"ssh_ingress_cidr":{"value":"0.0.0.0/0"}},"planned_values":{"outputs":{"ami_id":{"sensitive":false,"type":"string","value":"ami-04681a1dbd79675a5"},"instance_id":{"sensitive":false},"public_dns":{"sensitive":false},"public_ip":{"sensitive":false}},"root_module":{"resources":[{"address":"aws_instance.web","mode":"managed","type":"aws_instance","name":"web","provider_name":"registry.terraform.io/hashicorp/aws","schema_version":2,"values":{"ami":"ami-04681a1dbd79675a5","associate_public_ip_address":true,"credit_specification":[],"force_destroy":false,"get_password_data":false,"hibernation":null,"instance_type":"t3.micro","launch_template":[],"region":"ap-northeast-1","source_dest_check":true,"subnet_id":"subnet-cfc421fac4bc6a37a","tags":{"Name":"ec2-test-server-web"},"tags_all":{"Managed":"terraform","Name":"ec2-test-server-web","Project":"ec2-test-server"},"timeouts":null,"user_data":"#!/bin/bash\nset -euo pipefail\nyum update -y\ntimedatectl set-timezone Asia/Tokyo\namazon-linux-extras install -y nginx1\namazon-linux-extras install -y php8.2\necho '\u003c?php echo \"Request from IP: \".$_SERVER[\"REMOTE_ADDR\"].\" at \".date(DATE_ATOM); ?\u003e' \u003e /usr/share/nginx/html/index.php\nsed -i -e \"s/^expose_php = On/expose_php = Off/\" -e \"s/^;date.timezone =/date.timezone = Asia\\\\/Tokyo/\" /etc/php.ini\necho 'server_tokens off;' \u003e /etc/nginx/conf.d/default.conf\nsystemctl start php-fpm\nsystemctl start nginx\nsystemctl enable php-fpm\nsystemctl enable nginx\n","user_data_replace_on_change":false,"volume_tags":null},"sensitive_values":{"capacity_reservation_specification":[],"cpu_options":[],"credit_specification":[],"ebs_block_device":[],"enclave_options":[],"ephemeral_block_device":[],"instance_market_options":[],"ipv6_addresses":[],"launch_template":[],"maintenance_options":[],"metadata_options":[],"network_interface":[],"primary_network_interface":[],"private_dns_name_options":[],"root_block_device":[],"secondary_private_ips":[],"security_groups":[],"tags":{},"tags_all":{},"vpc_security_group_ids":[]},"identity_schema_version":0,"identity":{"account_id":null,"id":null,"region":null}},{"address":"aws_security_group.web","mode":"managed","type":"aws_security_group","name":"web","provider_name":"registry.terraform.io/hashicorp/aws","schema_version":1,"values":{"description":"Allow HTTP and SSH","egress":[{"cidr_blocks":["0.0.0.0/0"],"description":"","from_port":0,"ipv6_cidr_blocks":[],"prefix_list_ids":[],"protocol":"-1","security_groups":[],"self":false,"to_port":0}],"ingress":[{"cidr_blocks":["0.0.0.0/0"],"description":"HTTP","from_port":80,"ipv6_cidr_blocks":[],"prefix_list_ids":[],"protocol":"tcp","security_groups":[],"self":false,"to_port":80},{"cidr_blocks":["0.0.0.0/0"],"description":"SSH","from_port":22,"ipv6_cidr_blocks":[],"prefix_list_ids":[],"protocol":"tcp","security_groups":[],"self":false,"to_port":22}],"name_prefix":"ec2-test-server-web-","region":"ap-northeast-1","revoke_rules_on_delete":false,"tags":null,"tags_all":{"Managed":"terraform","Project":"ec2-test-server"},"timeouts":null,"vpc_id":"vpc-6473e3a5b5258a4e7"},"sensitive_values":{"egress":[{"cidr_blocks":[false],"ipv6_cidr_blocks":[],"prefix_list_ids":[],"security_groups":[]}],"ingress":[{"cidr_blocks":[false],"ipv6_cidr_blocks":[],"prefix_list_ids":[],"security_groups":[]},{"cidr_blocks":[false],"ipv6_cidr_blocks":[],"prefix_list_ids":[],"security_groups":[]}],"tags_all":{}},"identity_schema_version":0,"identity":{"account_id":null,"id":null,"region":null}}]}},"resource_changes":[{"address":"aws_instance.web","mode":"managed","type":"aws_instance","name":"web","provider_name":"registry.terraform.io/hashicorp/aws","change":{"actions":["create"],"before":null,"after":{"ami":"ami-04681a1dbd79675a5","associate_public_ip_address":true,"credit_specification":[],"force_destroy":false,"get_password_data":false,"hibernation":null,"instance_type":"t3.micro","launch_template":[],"region":"ap-northeast-1","source_dest_check":true,"subnet_id":"subnet-cfc421fac4bc6a37a","tags":{"Name":"ec2-test-server-web"},"tags_all":{"Managed":"terraform","Name":"ec2-test-server-web","Project":"ec2-test-server"},"timeouts":null,"user_data":"#!/bin/bash\nset -euo pipefail\nyum update -y\ntimedatectl set-timezone Asia/Tokyo\namazon-linux-extras install -y nginx1\namazon-linux-extras install -y php8.2\necho '\u003c?php echo \"Request from IP: \".$_SERVER[\"REMOTE_ADDR\"].\" at \".date(DATE_ATOM); ?\u003e' \u003e /usr/share/nginx/html/index.php\nsed -i -e \"s/^expose_php = On/expose_php = Off/\" -e \"s/^;date.timezone =/date.timezone = Asia\\\\/Tokyo/\" /etc/php.ini\necho 'server_tokens off;' \u003e /etc/nginx/conf.d/default.conf\nsystemctl start php-fpm\nsystemctl start nginx\nsystemctl enable php-fpm\nsystemctl enable nginx\n","user_data_replace_on_change":false,"volume_tags":null},"after_unknown":{"arn":true,"availability_zone":true,"capacity_reservation_specification":true,"cpu_options":true,"credit_specification":[],"disable_api_stop":true,"disable_api_termination":true,"ebs_block_device":true,"ebs_optimized":true,"enable_primary_ipv6":true,"enclave_options":true,"ephemeral_block_device":true,"host_id":true,"host_resource_group_arn":true,"iam_instance_profile":true,"id":true,"instance_initiated_shutdown_behavior":true,"instance_lifecycle":true,"instance_market_options":true,"instance_state":true,"ipv6_address_count":true,"ipv6_addresses":true,"key_name":true,"launch_template":[],"maintenance_options":true,"metadata_options":true,"monitoring":true,"network_interface":true,"outpost_arn":true,"password_data":true,"placement_group":true,"placement_group_id":true,"placement_partition_number":true,"primary_network_interface":true,"primary_network_interface_id":true,"private_dns":true,"private_dns_name_options":true,"private_ip":true,"public_dns":true,"public_ip":true,"root_block_device":true,"secondary_private_ips":true,"security_groups":true,"spot_instance_request_id":true,"tags":{},"tags_all":{},"tenancy":true,"user_data_base64":true,"vpc_security_group_ids":true},"before_sensitive":false,"after_sensitive":{"capacity_reservation_specification":[],"cpu_options":[],"credit_specification":[],"ebs_block_device":[],"enclave_options":[],"ephemeral_block_device":[],"instance_market_options":[],"ipv6_addresses":[],"launch_template":[],"maintenance_options":[],"metadata_options":[],"network_interface":[],"primary_network_interface":[],"private_dns_name_options":[],"root_block_device":[],"secondary_private_ips":[],"security_groups":[],"tags":{},"tags_all":{},"vpc_security_group_ids":[]},"after_identity":{"account_id":null,"id":null,"region":null}}},{"address":"aws_security_group.web","mode":"managed","type":"aws_security_group","name":"web","provider_name":"registry.terraform.io/hashicorp/aws","change":{"actions":["create"],"before":null,"after":{"description":"Allow HTTP and SSH","egress":[{"cidr_blocks":["0.0.0.0/0"],"description":"","from_port":0,"ipv6_cidr_blocks":[],"prefix_list_ids":[],"protocol":"-1","security_groups":[],"self":false,"to_port":0}],"ingress":[{"cidr_blocks":["0.0.0.0/0"],"description":"HTTP","from_port":80,"ipv6_cidr_blocks":[],"prefix_list_ids":[],"protocol":"tcp","security_groups":[],"self":false,"to_port":80},{"cidr_blocks":["0.0.0.0/0"],"description":"SSH","from_port":22,"ipv6_cidr_blocks":[],"prefix_list_ids":[],"protocol":"tcp","security_groups":[],"self":false,"to_port":22}],"name_prefix":"ec2-test-server-web-","region":"ap-northeast-1","revoke_rules_on_delete":false,"tags":null,"tags_all":{"Managed":"terraform","Project":"ec2-test-server"},"timeouts":null,"vpc_id":"vpc-6473e3a5b5258a4e7"},"after_unknown":{"arn":true,"egress":[{"cidr_blocks":[false],"ipv6_cidr_blocks":[],"prefix_list_ids":[],"security_groups":[]}],"id":true,"ingress":[{"cidr_blocks":[false],"ipv6_cidr_blocks":[],"prefix_list_ids":[],"security_groups":[]},{"cidr_blocks":[false],"ipv6_cidr_blocks":[],"prefix_list_ids":[],"security_groups":[]}],"name":true,"owner_id":true,"tags_all":{}},"before_sensitive":false,"after_sensitive":{"egress":[{"cidr_blocks":[false],"ipv6_cidr_blocks":[],"prefix_list_ids":[],"security_groups":[]}],"ingress":[{"cidr_blocks":[false],"ipv6_cidr_blocks":[],"prefix_list_ids":[],"security_groups":[]},{"cidr_blocks":[false],"ipv6_cidr_blocks":[],"prefix_list_ids":[],"security_groups":[]}],"tags_all":{}},"after_identity":{"account_id":null,"id":null,"region":null}}}],"output_changes":{"ami_id":{"actions":["create"],"before":null,"after":"ami-04681a1dbd79675a5","after_unknown":false,"before_sensitive":false,"after_sensitive":false},"instance_id":{"actions":["create"],"before":null,"after_unknown":true,"before_sensitive":false,"after_sensitive":false},"public_dns":{"actions":["create"],"before":null,"after_unknown":true,"before_sensitive":false,"after_sensitive":false},"public_ip":{"actions":["create"],"before":null,"after_unknown":true,"before_sensitive":false,"after_sensitive":false}},"prior_state":{"format_version":"1.0","terraform_version":"1.13.5","values":{"outputs":{"ami_id":{"sensitive":false,"value":"ami-04681a1dbd79675a5","type":"string"}},"root_module":{"resources":[{"address":"data.aws_ami.amazon_linux_2","mode":"data","type":"aws_ami","name":"amazon_linux_2","provider_name":"registry.terraform.io/hashicorp/aws","schema_version":0,"values":{"allow_unsafe_filter":null,"architecture":"x86_64","arn":"arn:aws:ec2:ap-northeast-1::image/ami-04681a1dbd79675a5","block_device_mappings":[{"device_name":"/dev/xvda","ebs":{"delete_on_termination":"false","encrypted":"false","iops":"0","snapshot_id":"snap-1fe170f6a94be775e","throughput":"0","volume_initialization_rate":"0","volume_size":"15","volume_type":"standard"},"no_device":"","virtual_name":""}],"boot_mode":"uefi","creation_date":"2026-01-27T00:23:25.000Z","deprecation_time":"","description":"Amazon Linux 2 AMI 2.0.20180810 x86_64 HVM gp2","ena_support":false,"executable_users":null,"filter":[{"name":"name","values":["amzn2-ami-hvm-*-x86_64-gp2"]},{"name":"state","values":["available"]}],"hypervisor":"xen","id":"ami-04681a1dbd79675a5","image_id":"ami-04681a1dbd79675a5","image_location":"amazon/amzn2-ami-hvm-2.0.20180810-x86_64-gp2","image_owner_alias":"amazon","image_type":"machine","imds_support":"","include_deprecated":false,"kernel_id":"","last_launched_time":"","most_recent":true,"name":"amzn2-ami-hvm-2.0.20180810-x86_64-gp2","name_regex":null,"owner_id":"137112412989","owners":["amazon"],"platform":"Linux/UNIX","platform_details":"","product_codes":[],"public":true,"ramdisk_id":"","region":"ap-northeast-1","root_device_name":"/dev/xvda","root_device_type":"ebs","root_snapshot_id":"snap-1fe170f6a94be775e","sriov_net_support":"","state":"available","state_reason":{"code":"UNSET","message":"UNSET"},"tags":{},"timeouts":null,"tpm_support":"","uefi_data":null,"usage_operation":"","virtualization_type":"hvm"},"sensitive_values":{"block_device_mappings":[{"ebs":{}}],"filter":[{"values":[false]},{"values":[false]}],"owners":[false],"product_codes":[],"state_reason":{},"tags":{}}},{"address":"data.aws_subnets.default","mode":"data","type":"aws_subnets","name":"default","provider_name":"registry.terraform.io/hashicorp/aws","schema_version":0,"values":{"filter":[{"name":"vpc-id","values":["vpc-6473e3a5b5258a4e7"]}],"id":"ap-northeast-1","ids":["subnet-cfc421fac4bc6a37a","subnet-ed704bf849f5d650a","subnet-05e2ee6a5dac1d803"],"region":"ap-northeast-1","tags":null,"timeouts":null},"sensitive_values":{"filter":[{"values":[false]}],"ids":[false,false,false]}},{"address":"data.aws_vpc.default","mode":"data","type":"aws_vpc","name":"default","provider_name":"registry.terraform.io/hashicorp/aws","schema_version":0,"values":{"arn":"arn:aws:ec2:ap-northeast-1:000000000000:vpc/vpc-6473e3a5b5258a4e7","cidr_block":"172.31.0.0/16","cidr_block_associations":[{"association_id":"vpc-cidr-assoc-719fac51f7b747649","cidr_block":"172.31.0.0/16","state":"associated"}],"default":true,"dhcp_options_id":"default","enable_dns_hostnames":true,"enable_dns_support":true,"enable_network_address_usage_metrics":false,"filter":null,"id":"vpc-6473e3a5b5258a4e7","instance_tenancy":"default","ipv6_association_id":"","ipv6_cidr_block":"","main_route_table_id":"rtb-890dd12afca23b06e","owner_id":"000000000000","region":"ap-northeast-1","state":null,"tags":{},"timeouts":null},"sensitive_values":{"cidr_block_associations":[{}],"tags":{}}}]}}},"configuration":{"provider_config":{"aws":{"name":"aws","full_name":"registry.terraform.io/hashicorp/aws","version_constraint":"\u003e= 5.0.0","expressions":{"default_tags":[{"tags":{"references":["var.app_name"]}}],"region":{"references":["var.aws_region"]}}}},"root_module":{"outputs":{"ami_id":{"expression":{"references":["data.aws_ami.amazon_linux_2.id","data.aws_ami.amazon_linux_2"]},"description":"AMI used for the instance"},"instance_id":{"expression":{"references":["aws_instance.web.id","aws_instance.web"]},"description":"EC2 instance id"},"public_dns":{"expression":{"references":["aws_instance.web.public_dns","aws_instance.web"]},"description":"Public DNS name of the instance"},"public_ip":{"expression":{"references":["aws_instance.web.public_ip","aws_instance.web"]},"description":"Public IP of the instance"}},"resources":[{"address":"aws_instance.web","mode":"managed","type":"aws_instance","name":"web","provider_config_key":"aws","expressions":{"ami":{"references":["data.aws_ami.amazon_linux_2.id","data.aws_ami.amazon_linux_2"]},"associate_public_ip_address":{"constant_value":true},"instance_type":{"references":["var.instance_type"]},"subnet_id":{"references":["data.aws_subnets.default.ids[0]","data.aws_subnets.default.ids","data.aws_subnets.default"]},"tags":{"references":["var.app_name"]},"user_data":{"constant_value":"#!/bin/bash\nset -euo pipefail\nyum update -y\ntimedatectl set-timezone Asia/Tokyo\namazon-linux-extras install -y nginx1\namazon-linux-extras install -y php8.2\necho '\u003c?php echo \"Request from IP: \".$_SERVER[\"REMOTE_ADDR\"].\" at \".date(DATE_ATOM); ?\u003e' \u003e /usr/share/nginx/html/index.php\nsed -i -e \"s/^expose_php = On/expose_php = Off/\" -e \"s/^;date.timezone =/date.timezone = Asia\\\\/Tokyo/\" /etc/php.ini\necho 'server_tokens off;' \u003e /etc/nginx/conf.d/default.conf\nsystemctl start php-fpm\nsystemctl start nginx\nsystemctl enable php-fpm\nsystemctl enable nginx\n"},"vpc_security_group_ids":{"references":["aws_security_group.web.id","aws_security_group.web"]}},"schema_version":2},{"address":"aws_security_group.web","mode":"managed","type":"aws_security_group","name":"web","provider_config_key":"aws","expressions":{"description":{"constant_value":"Allow HTTP and SSH"},"egress":{"constant_value":[{"cidr_blocks":["0.0.0.0/0"],"description":null,"from_port":0,"ipv6_cidr_blocks":null,"prefix_list_ids":null,"protocol":"-1","security_groups":null,"self":null,"to_port":0}]},"ingress":{"references":["var.http_ingress_cidr","var.ssh_ingress_cidr"]},"name_prefix":{"references":["var.app_name"]},"vpc_id":{"references":["data.aws_vpc.default.id","data.aws_vpc.default"]}},"schema_version":1},{"address":"data.aws_ami.amazon_linux_2","mode":"data","type":"aws_ami","name":"amazon_linux_2","provider_config_key":"aws","expressions":{"filter":[{"name":{"constant_value":"name"},"values":{"constant_value":["amzn2-ami-hvm-*-x86_64-gp2"]}},{"name":{"constant_value":"state"},"values":{"constant_value":["available"]}}],"most_recent":{"constant_value":true},"owners":{"constant_value":["amazon"]}},"schema_version":0},{"address":"data.aws_subnets.default","mode":"data","type":"aws_subnets","name":"default","provider_config_key":"aws","expressions":{"filter":[{"name":{"constant_value":"vpc-id"},"values":{"references":["data.aws_vpc.default.id","data.aws_vpc.default"]}}]},"schema_version":0},{"address":"data.aws_vpc.default","mode":"data","type":"aws_vpc","name":"default","provider_config_key":"aws","expressions":{"default":{"constant_value":true}},"schema_version":0}],"variables":{"app_name":{"default":"ec2-test-server","description":"Name prefix for resources"},"aws_region":{"default":"ap-northeast-1","description":"AWS region to deploy into"},"http_ingress_cidr":{"default":"0.0.0.0/0","description":"CIDR allowed to access HTTP (nginx)"},"instance_type":{"default":"t3.micro","description":"EC2 instance type"},"ssh_ingress_cidr":{"default":"0.0.0.0/0","description":"CIDR allowed to SSH to the instance (set to your public IP/32)."}}}},"relevant_attributes":[{"resource":"data.aws_ami.amazon_linux_2","attribute":["id"]},{"resource":"aws_instance.web","attribute":["id"]},{"resource":"aws_instance.web","attribute":["public_dns"]},{"resource":"aws_security_group.web","attribute":["id"]},{"resource":"data.aws_subnets.default","attribute":["ids",0]},{"resource":"data.aws_vpc.default","attribute":["id"]},{"resource":"aws_instance.web","attribute":["public_ip"]}],"timestamp":"2026-01-27T00:23:24Z","applyable":true,"complete":true,"errored":false}
