
Terraform used the selected providers to generate the following execution
plan. Resource actions are indicated with the following symbols:
  + create

Terraform will perform the following actions:

  # aws_dynamodb_table.devopshobbies-dev-devops-consumer-events will be created
  + resource "aws_dynamodb_table" "devopshobbies-dev-devops-consumer-events" {
      + arn              = (known after apply)
      + billing_mode     = "PROVISIONED"
      + hash_key         = "Id"
      + id               = (known after apply)
      + name             = "devopshobbies-dev-devops-consumer-events"
      + read_capacity    = 20
      + region           = "eu-central-1"
      + stream_arn       = (known after apply)
      + stream_label     = (known after apply)
      + stream_view_type = (known after apply)
      + tags_all         = (known after apply)
      + write_capacity   = 20

      + attribute {
          + name = "Id"
          + type = "S"
        }

      + global_table_witness (known after apply)

      + point_in_time_recovery (known after apply)

      + server_side_encryption (known after apply)

      + ttl (known after apply)

      + warm_throughput (known after apply)
    }

  # aws_sns_topic.sns_topic will be created
  + resource "aws_sns_topic" "sns_topic" {
      + arn                         = (known after apply)
      + beginning_archive_time      = (known after apply)
      + content_based_deduplication = false
      + fifo_throughput_scope       = (known after apply)
      + fifo_topic                  = false
      + id                          = (known after apply)
      + name                        = "devopshobbies-devops-producer-events"
      + name_prefix                 = (known after apply)
      + owner                       = (known after apply)
      + policy                      = (known after apply)
      + region                      = "eu-central-1"
      + signature_version           = (known after apply)
      + tags_all                    = (known after apply)
      + tracing_config              = (known after apply)
    }

  # aws_sns_topic_subscription.private_http_subscription will be created
  + resource "aws_sns_topic_subscription" "private_http_subscription" {
      + arn                             = (known after apply)
      + confirmation_timeout_in_minutes = 1
      + confirmation_was_authenticated  = (known after apply)
      + endpoint                        = (known after apply)
      + endpoint_auto_confirms          = true
      + filter_policy_scope             = (known after apply)
      + id                              = (known after apply)
      + owner_id                        = (known after apply)
      + pending_confirmation            = (known after apply)
      + protocol                        = "sqs"
      + raw_message_delivery            = false
      + region                          = "eu-central-1"
      + topic_arn                       = (known after apply)
    }

  # aws_sqs_queue.queue will be created
  + resource "aws_sqs_queue" "queue" {
      + arn                               = (known after apply)
      + content_based_deduplication       = false
      + deduplication_scope               = (known after apply)
      + delay_seconds                     = 0
      + fifo_queue                        = false
      + fifo_throughput_limit             = (known after apply)
      + id                                = (known after apply)
      + kms_data_key_reuse_period_seconds = (known after apply)
      + max_message_size                  = 262144
      + message_retention_seconds         = 345600
      + name                              = "devopshobbies-devops-consumer-events"
      + name_prefix                       = (known after apply)
      + policy                            = (known after apply)
      + receive_wait_time_seconds         = 0
      + redrive_allow_policy              = (known after apply)
      + redrive_policy                    = (known after apply)
      + region                            = "eu-central-1"
      + sqs_managed_sse_enabled           = (known after apply)
      + tags_all                          = (known after apply)
      + url                               = (known after apply)
      + visibility_timeout_seconds        = 30
    }

Plan: 4 to add, 0 to change, 0 to destroy.
aws_sqs_queue.queue: Creating...
aws_sns_topic.sns_topic: Creating...
aws_dynamodb_table.devopshobbies-dev-devops-consumer-events: Creating...
aws_sns_topic.sns_topic: Creation complete after 0s [id=arn:aws:sns:eu-central-1:000000000000:devopshobbies-devops-producer-events]
aws_dynamodb_table.devopshobbies-dev-devops-consumer-events: Creation complete after 6s [id=devopshobbies-dev-devops-consumer-events]
aws_sqs_queue.queue: Still creating... [00m10s elapsed]
aws_sqs_queue.queue: Still creating... [00m20s elapsed]
aws_sqs_queue.queue: Creation complete after 25s [id=http://sqs.eu-central-1.localhost.localstack.cloud:4566/000000000000/devopshobbies-devops-consumer-events]
aws_sns_topic_subscription.private_http_subscription: Creating...
aws_sns_topic_subscription.private_http_subscription: Creation complete after 0s [id=arn:aws:sns:eu-central-1:000000000000:devopshobbies-devops-producer-events:d60bd335-31db-4c11-83d1-7e4c887d8dbc]

Apply complete! Resources: 4 added, 0 changed, 0 destroyed.
