{"format_version":"1.2","terraform_version":"1.13.5","variables":{"app_name":{"value":"localstack-demo"},"aws_access_key_id":{"value":"test"},"aws_endpoint":{"value":"http://localhost:4566"},"aws_region":{"value":"eu-central-1"},"aws_secret_access_key":{"value":"test"},"s3_use_path_style":{"value":true},"skip_credentials_validation":{"value":true},"skip_metadata_api_check":{"value":true},"skip_requesting_account_id":{"value":true}},"planned_values":{"outputs":{"dynamodb_table_name":{"sensitive":false,"type":"string","value":"localstack-demo-table"},"s3_bucket_name":{"sensitive":false,"type":"string","value":"localstack-demo-artifacts"}},"root_module":{"resources":[{"address":"aws_dynamodb_table.app_table","mode":"managed","type":"aws_dynamodb_table","name":"app_table","provider_name":"registry.terraform.io/hashicorp/aws","schema_version":1,"values":{"attribute":[{"name":"pk","type":"S"}],"billing_mode":"PAY_PER_REQUEST","deletion_protection_enabled":null,"hash_key":"pk","import_table":[],"local_secondary_index":[],"name":"localstack-demo-table","on_demand_throughput":[],"range_key":null,"region":"eu-central-1","replica":[],"restore_date_time":null,"restore_source_name":null,"restore_source_table_arn":null,"restore_to_latest_time":null,"stream_enabled":null,"table_class":null,"tags":null,"tags_all":{"Managed":"terraform","Project":"localstack-demo"},"timeouts":null},"sensitive_values":{"attribute":[{}],"global_secondary_index":[],"global_table_witness":[],"import_table":[],"local_secondary_index":[],"on_demand_throughput":[],"point_in_time_recovery":[],"replica":[],"server_side_encryption":[],"tags_all":{},"ttl":[],"warm_throughput":[]}},{"address":"aws_s3_bucket.artifacts","mode":"managed","type":"aws_s3_bucket","name":"artifacts","provider_name":"registry.terraform.io/hashicorp/aws","schema_version":0,"values":{"bucket":"localstack-demo-artifacts","force_destroy":true,"region":"eu-central-1","tags":null,"tags_all":{"Managed":"terraform","Project":"localstack-demo"},"timeouts":null},"sensitive_values":{"cors_rule":[],"grant":[],"lifecycle_rule":[],"logging":[],"object_lock_configuration":[],"replication_configuration":[],"server_side_encryption_configuration":[],"tags_all":{},"versioning":[],"website":[]},"identity_schema_version":0,"identity":{"account_id":null,"bucket":null,"region":null}}]}},"resource_changes":[{"address":"aws_dynamodb_table.app_table","mode":"managed","type":"aws_dynamodb_table","name":"app_table","provider_name":"registry.terraform.io/hashicorp/aws","change":{"actions":["create"],"before":null,"after":{"attribute":[{"name":"pk","type":"S"}],"billing_mode":"PAY_PER_REQUEST","deletion_protection_enabled":null,"hash_key":"pk","import_table":[],"local_secondary_index":[],"name":"localstack-demo-table","on_demand_throughput":[],"range_key":null,"region":"eu-central-1","replica":[],"restore_date_time":null,"restore_source_name":null,"restore_source_table_arn":null,"restore_to_latest_time":null,"stream_enabled":null,"table_class":null,"tags":null,"tags_all":{"Managed":"terraform","Project":"localstack-demo"},"timeouts":null},"after_unknown":{"arn":true,"attribute":[{}],"global_secondary_index":true,"global_table_witness":true,"id":true,"import_table":[],"local_secondary_index":[],"on_demand_throughput":[],"point_in_time_recovery":true,"read_capacity":true,"replica":[],"server_side_encryption":true,"stream_arn":true,"stream_label":true,"stream_view_type":true,"tags_all":{},"ttl":true,"warm_throughput":true,"write_capacity":true},"before_sensitive":false,"after_sensitive":{"attribute":[{}],"global_secondary_index":[],"global_table_witness":[],"import_table":[],"local_secondary_index":[],"on_demand_throughput":[],"point_in_time_recovery":[],"replica":[],"server_side_encryption":[],"tags_all":{},"ttl":[],"warm_throughput":[]}}},{"address":"aws_s3_bucket.artifacts","mode":"managed","type":"aws_s3_bucket","name":"artifacts","provider_name":"registry.terraform.io/hashicorp/aws","change":{"actions":["create"],"before":null,"after":{"bucket":"localstack-demo-artifacts","force_destroy":true,"region":"eu-central-1","tags":null,"tags_all":{"Managed":"terraform","Project":"localstack-demo"},"timeouts":null},"after_unknown":{"acceleration_status":true,"acl":true,"arn":true,"bucket_domain_name":true,"bucket_prefix":true,"bucket_region":true,"bucket_regional_domain_name":true,"cors_rule":true,"grant":true,"hosted_zone_id":true,"id":true,"lifecycle_rule":true,"logging":true,"object_lock_configuration":true,"object_lock_enabled":true,"policy":true,"replication_configuration":true,"request_payer":true,"server_side_encryption_configuration":true,"tags_all":{},"versioning":true,"website":true,"website_domain":true,"website_endpoint":true},"before_sensitive":false,"after_sensitive":{"cors_rule":[],"grant":[],"lifecycle_rule":[],"logging":[],"object_lock_configuration":[],"replication_configuration":[],"server_side_encryption_configuration":[],"tags_all":{},"versioning":[],"website":[]},"after_identity":{"account_id":null,"bucket":null,"region":null}}}],"output_changes":{"dynamodb_table_name":{"actions":["create"],"before":null,"after":"localstack-demo-table","after_unknown":false,"before_sensitive":false,"after_sensitive":false},"s3_bucket_name":{"actions":["create"],"before":null,"after":"localstack-demo-artifacts","after_unknown":false,"before_sensitive":false,"after_sensitive":false}},"prior_state":{"format_version":"1.0","terraform_version":"1.13.5","values":{"outputs":{"dynamodb_table_name":{"sensitive":false,"value":"localstack-demo-table","type":"string"},"s3_bucket_name":{"sensitive":false,"value":"localstack-demo-artifacts","type":"string"}},"root_module":{}}},"configuration":{"provider_config":{"aws":{"name":"aws","full_name":"registry.terraform.io/hashicorp/aws","version_constraint":"\u003e= 5.0.0","expressions":{"access_key":{"references":["var.aws_access_key_id"]},"default_tags":[{"tags":{"references":["var.app_name"]}}],"endpoints":[{"apigateway":{"references":["var.aws_endpoint"]},"cloudwatch":{"references":["var.aws_endpoint"]},"dynamodb":{"references":["var.aws_endpoint"]},"ec2":{"references":["var.aws_endpoint"]},"ecr":{"references":["var.aws_endpoint"]},"ecs":{"references":["var.aws_endpoint"]},"elasticloadbalancing":{"references":["var.aws_endpoint"]},"iam":{"references":["var.aws_endpoint"]},"kms":{"references":["var.aws_endpoint"]},"logs":{"references":["var.aws_endpoint"]},"s3":{"references":["var.aws_endpoint"]},"secretsmanager":{"references":["var.aws_endpoint"]},"sns":{"references":["var.aws_endpoint"]},"sqs":{"references":["var.aws_endpoint"]},"sts":{"references":["var.aws_endpoint"]}}],"region":{"references":["var.aws_region"]},"s3_use_path_style":{"references":["var.s3_use_path_style"]},"secret_key":{"references":["var.aws_secret_access_key"]},"skip_credentials_validation":{"references":["var.skip_credentials_validation"]},"skip_metadata_api_check":{"references":["var.skip_metadata_api_check"]},"skip_requesting_account_id":{"references":["var.skip_requesting_account_id"]}}}},"root_module":{"outputs":{"dynamodb_table_name":{"expression":{"references":["aws_dynamodb_table.app_table.name","aws_dynamodb_table.app_table"]},"description":"DynamoDB table name."},"s3_bucket_name":{"expression":{"references":["aws_s3_bucket.artifacts.bucket","aws_s3_bucket.artifacts"]},"description":"Artifacts bucket name."}},"resources":[{"address":"aws_dynamodb_table.app_table","mode":"managed","type":"aws_dynamodb_table","name":"app_table","provider_config_key":"aws","expressions":{"attribute":[{"name":{"constant_value":"pk"},"type":{"constant_value":"S"}}],"billing_mode":{"constant_value":"PAY_PER_REQUEST"},"hash_key":{"constant_value":"pk"},"name":{"references":["var.app_name"]}},"schema_version":1},{"address":"aws_s3_bucket.artifacts","mode":"managed","type":"aws_s3_bucket","name":"artifacts","provider_config_key":"aws","expressions":{"bucket":{"references":["var.app_name"]},"force_destroy":{"constant_value":true}},"schema_version":0}],"variables":{"app_name":{"default":"localstack-demo","description":"Name prefix for created resources."},"aws_access_key_id":{"default":"test","description":"AWS access key id (LocalStack can use any value).","sensitive":true},"aws_endpoint":{"default":"http://localhost:4566","description":"LocalStack edge endpoint (e.g., http://localhost:4566). Set to null to use real AWS endpoints."},"aws_region":{"default":"eu-central-1","description":"AWS region (or LocalStack default region)."},"aws_secret_access_key":{"default":"test","description":"AWS secret access key (LocalStack can use any value).","sensitive":true},"s3_use_path_style":{"default":true,"description":"Use path-style S3 URLs (required for many LocalStack setups)."},"skip_credentials_validation":{"default":true,"description":"Skip AWS credentials validation (useful for LocalStack)."},"skip_metadata_api_check":{"default":true,"description":"Skip metadata API check (useful for LocalStack)."},"skip_requesting_account_id":{"default":true,"description":"Skip requesting account id (useful for LocalStack)."}}}},"relevant_attributes":[{"resource":"aws_dynamodb_table.app_table","attribute":["name"]},{"resource":"aws_s3_bucket.artifacts","attribute":["bucket"]}],"timestamp":"2026-01-27T08:28:30Z","applyable":true,"complete":true,"errored":false}
