{"format_version":"1.2","terraform_version":"1.13.5","variables":{"aws_region":{"value":"us-east-1"},"container_image":{"value":"registry.gitlab.com/dmitry1094608/dmitryportfolio/portfolioimage:main"},"container_name":{"value":"portfolio-nginx"},"container_port_http":{"value":80},"container_port_https":{"value":443},"domain_name":{"value":""},"enable_cloudwatch_logs":{"value":false},"enable_https":{"value":false},"environment":{"value":"prod"},"hosted_zone_id":{"value":""},"instance_type":{"value":"t3.micro"},"project_name":{"value":"portfolio"},"public_subnet_cidrs":{"value":["10.0.1.0/24","10.0.2.0/24"]},"ssh_allowed_cidrs":{"value":[]},"ssh_public_key":{"value":""},"vpc_cidr":{"value":"10.0.0.0/16"}},"planned_values":{"outputs":{"alb_dns_name":{"sensitive":false},"ec2_instance_id":{"sensitive":false},"ec2_public_ip":{"sensitive":false},"public_subnet_ids":{"sensitive":false},"site_url":{"sensitive":false},"vpc_id":{"sensitive":false}},"root_module":{"resources":[{"address":"aws_iam_instance_profile.ec2","mode":"managed","type":"aws_iam_instance_profile","name":"ec2","provider_name":"registry.terraform.io/hashicorp/aws","schema_version":0,"values":{"name":"portfolio-prod-ec2-profile","path":"/","role":"portfolio-prod-ec2-role","tags":null,"tags_all":{"Environment":"prod","ManagedBy":"terraform","Project":"portfolio"}},"sensitive_values":{"tags_all":{}}},{"address":"aws_iam_role.ec2","mode":"managed","type":"aws_iam_role","name":"ec2","provider_name":"registry.terraform.io/hashicorp/aws","schema_version":0,"values":{"assume_role_policy":"{\"Statement\":[{\"Action\":\"sts:AssumeRole\",\"Effect\":\"Allow\",\"Principal\":{\"Service\":\"ec2.amazonaws.com\"}}],\"Version\":\"2012-10-17\"}","description":null,"force_detach_policies":false,"max_session_duration":3600,"name":"portfolio-prod-ec2-role","path":"/","permissions_boundary":null,"tags":null,"tags_all":{"Environment":"prod","ManagedBy":"terraform","Project":"portfolio"}},"sensitive_values":{"inline_policy":[],"managed_policy_arns":[],"tags_all":{}},"identity_schema_version":0,"identity":{"account_id":null,"name":null}},{"address":"aws_iam_role_policy_attachment.ssm","mode":"managed","type":"aws_iam_role_policy_attachment","name":"ssm","provider_name":"registry.terraform.io/hashicorp/aws","schema_version":0,"values":{"policy_arn":"arn:aws:iam::aws:policy/AmazonSSMManagedInstanceCore","role":"portfolio-prod-ec2-role"},"sensitive_values":{},"identity_schema_version":0,"identity":{"account_id":null,"policy_arn":null,"role":null}},{"address":"aws_instance.docker_host","mode":"managed","type":"aws_instance","name":"docker_host","provider_name":"registry.terraform.io/hashicorp/aws","schema_version":2,"values":{"ami":"ami-07c1fa5792ef8fe27","associate_public_ip_address":true,"credit_specification":[],"force_destroy":false,"get_password_data":false,"hibernation":null,"iam_instance_profile":"portfolio-prod-ec2-profile","instance_type":"t3.micro","launch_template":[],"metadata_options":[{"http_endpoint":"enabled","http_protocol_ipv6":"disabled","http_tokens":"required"}],"region":"us-east-1","root_block_device":[{"delete_on_termination":true,"encrypted":true,"tags":null,"volume_size":10,"volume_type":"gp3"}],"source_dest_check":true,"tags":{"Name":"portfolio-prod-docker-host"},"tags_all":{"Environment":"prod","ManagedBy":"terraform","Name":"portfolio-prod-docker-host","Project":"portfolio"},"timeouts":null,"user_data":"#!/bin/bash\nset -euo pipefail\n\n# Basic hardening\ndnf -y update\n\n# Install Docker\ndnf -y install docker\nsystemctl enable docker\nsystemctl start docker\n\n# Allow ec2-user to run docker without sudo (optional)\nusermod -aG docker ec2-user || true\n\n# Install SSM agent (AL2023 usually has it, but ensure)\ndnf -y install amazon-ssm-agent || true\nsystemctl enable amazon-ssm-agent\nsystemctl restart amazon-ssm-agent || true\n\n\n\n# Run container (GitLab CI can still redeploy by pulling a new tag and restarting)\n# Stop/remove existing container if present\nif docker ps -a --format '{{.Names}}' | grep -q '^portfolio-nginx$'; then\n  docker rm -f portfolio-nginx || true\nfi\n\n# Pull and run\n# NOTE: If your registry requires auth, GitLab CI deploy step should run `docker login` first.\ndocker pull registry.gitlab.com/dmitry1094608/dmitryportfolio/portfolioimage:main || true\n\ndocker run -d \\\n  --name portfolio-nginx \\\n  --restart unless-stopped \\\n  -p 80:80 \\\n  -p 443:443 \\\n  registry.gitlab.com/dmitry1094608/dmitryportfolio/portfolioimage:main\n","user_data_replace_on_change":false,"volume_tags":null},"sensitive_values":{"capacity_reservation_specification":[],"cpu_options":[],"credit_specification":[],"ebs_block_device":[],"enclave_options":[],"ephemeral_block_device":[],"instance_market_options":[],"ipv6_addresses":[],"key_name":true,"launch_template":[],"maintenance_options":[],"metadata_options":[{}],"network_interface":[],"primary_network_interface":[],"private_dns_name_options":[],"root_block_device":[{"tags_all":{}}],"secondary_private_ips":[],"security_groups":[],"tags":{},"tags_all":{},"vpc_security_group_ids":[]},"identity_schema_version":0,"identity":{"account_id":null,"id":null,"region":null}},{"address":"aws_internet_gateway.this","mode":"managed","type":"aws_internet_gateway","name":"this","provider_name":"registry.terraform.io/hashicorp/aws","schema_version":0,"values":{"region":"us-east-1","tags":{"Name":"portfolio-prod-igw"},"tags_all":{"Environment":"prod","ManagedBy":"terraform","Name":"portfolio-prod-igw","Project":"portfolio"},"timeouts":null},"sensitive_values":{"tags":{},"tags_all":{}}},{"address":"aws_lb.this","mode":"managed","type":"aws_lb","name":"this","provider_name":"registry.terraform.io/hashicorp/aws","schema_version":0,"values":{"access_logs":[],"client_keep_alive":3600,"connection_logs":[],"customer_owned_ipv4_pool":null,"desync_mitigation_mode":"defensive","dns_record_client_routing_policy":null,"drop_invalid_header_fields":true,"enable_cross_zone_load_balancing":null,"enable_deletion_protection":false,"enable_http2":true,"enable_tls_version_and_cipher_suite_headers":false,"enable_waf_fail_open":false,"enable_xff_client_port":false,"enable_zonal_shift":false,"health_check_logs":[],"idle_timeout":60,"internal":false,"ipam_pools":[],"load_balancer_type":"application","minimum_load_balancer_capacity":[],"name":"portfolio-prod-alb","preserve_host_header":false,"region":"us-east-1","tags":{"Name":"portfolio-prod-alb"},"tags_all":{"Environment":"prod","ManagedBy":"terraform","Name":"portfolio-prod-alb","Project":"portfolio"},"timeouts":null,"xff_header_processing_mode":"append"},"sensitive_values":{"access_logs":[],"connection_logs":[],"health_check_logs":[],"ipam_pools":[],"minimum_load_balancer_capacity":[],"security_groups":[],"subnet_mapping":[],"subnets":[],"tags":{},"tags_all":{}},"identity_schema_version":0,"identity":{"arn":null}},{"address":"aws_lb_listener.http","mode":"managed","type":"aws_lb_listener","name":"http","provider_name":"registry.terraform.io/hashicorp/aws","schema_version":0,"values":{"alpn_policy":null,"certificate_arn":null,"default_action":[{"authenticate_cognito":[],"authenticate_oidc":[],"fixed_response":[],"forward":[],"jwt_validation":[],"redirect":[],"type":"forward"}],"port":80,"protocol":"HTTP","region":"us-east-1","tags":null,"tags_all":{"Environment":"prod","ManagedBy":"terraform","Project":"portfolio"},"timeouts":null},"sensitive_values":{"default_action":[{"authenticate_cognito":[],"authenticate_oidc":[],"fixed_response":[],"forward":[],"jwt_validation":[],"redirect":[]}],"mutual_authentication":[],"tags_all":{}},"identity_schema_version":0,"identity":{"arn":null}},{"address":"aws_lb_target_group.http","mode":"managed","type":"aws_lb_target_group","name":"http","provider_name":"registry.terraform.io/hashicorp/aws","schema_version":0,"values":{"deregistration_delay":"300","health_check":[{"enabled":true,"healthy_threshold":2,"interval":30,"matcher":"200-399","path":"/","port":"traffic-port","protocol":"HTTP","timeout":5,"unhealthy_threshold":2}],"lambda_multi_value_headers_enabled":false,"name":"portfolio-prod-tg","port":80,"protocol":"HTTP","proxy_protocol_v2":false,"region":"us-east-1","slow_start":0,"tags":{"Name":"portfolio-prod-tg"},"tags_all":{"Environment":"prod","ManagedBy":"terraform","Name":"portfolio-prod-tg","Project":"portfolio"},"target_control_port":null,"target_type":"instance"},"sensitive_values":{"health_check":[{}],"load_balancer_arns":[],"stickiness":[],"tags":{},"tags_all":{},"target_failover":[],"target_group_health":[],"target_health_state":[]},"identity_schema_version":0,"identity":{"arn":null}},{"address":"aws_lb_target_group_attachment.ec2","mode":"managed","type":"aws_lb_target_group_attachment","name":"ec2","provider_name":"registry.terraform.io/hashicorp/aws","schema_version":0,"values":{"availability_zone":null,"port":80,"quic_server_id":null,"region":"us-east-1"},"sensitive_values":{}},{"address":"aws_route_table.public","mode":"managed","type":"aws_route_table","name":"public","provider_name":"registry.terraform.io/hashicorp/aws","schema_version":0,"values":{"region":"us-east-1","route":[{"carrier_gateway_id":"","cidr_block":"0.0.0.0/0","core_network_arn":"","destination_prefix_list_id":"","egress_only_gateway_id":"","ipv6_cidr_block":"","local_gateway_id":"","nat_gateway_id":"","network_interface_id":"","transit_gateway_id":"","vpc_endpoint_id":"","vpc_peering_connection_id":""}],"tags":{"Name":"portfolio-prod-public-rt"},"tags_all":{"Environment":"prod","ManagedBy":"terraform","Name":"portfolio-prod-public-rt","Project":"portfolio"},"timeouts":null},"sensitive_values":{"propagating_vgws":[],"route":[{}],"tags":{},"tags_all":{}},"identity_schema_version":0,"identity":{"account_id":null,"id":null,"region":null}},{"address":"aws_route_table_association.public[\"0\"]","mode":"managed","type":"aws_route_table_association","name":"public","index":"0","provider_name":"registry.terraform.io/hashicorp/aws","schema_version":0,"values":{"gateway_id":null,"region":"us-east-1","timeouts":null},"sensitive_values":{}},{"address":"aws_route_table_association.public[\"1\"]","mode":"managed","type":"aws_route_table_association","name":"public","index":"1","provider_name":"registry.terraform.io/hashicorp/aws","schema_version":0,"values":{"gateway_id":null,"region":"us-east-1","timeouts":null},"sensitive_values":{}},{"address":"aws_security_group.alb","mode":"managed","type":"aws_security_group","name":"alb","provider_name":"registry.terraform.io/hashicorp/aws","schema_version":1,"values":{"description":"ALB ingress","egress":[{"cidr_blocks":["0.0.0.0/0"],"description":"","from_port":0,"ipv6_cidr_blocks":[],"prefix_list_ids":[],"protocol":"-1","security_groups":[],"self":false,"to_port":0}],"ingress":[{"cidr_blocks":["0.0.0.0/0"],"description":"HTTP","from_port":80,"ipv6_cidr_blocks":[],"prefix_list_ids":[],"protocol":"tcp","security_groups":[],"self":false,"to_port":80}],"name":"portfolio-prod-alb-sg","region":"us-east-1","revoke_rules_on_delete":false,"tags":{"Name":"portfolio-prod-alb-sg"},"tags_all":{"Environment":"prod","ManagedBy":"terraform","Name":"portfolio-prod-alb-sg","Project":"portfolio"},"timeouts":null},"sensitive_values":{"egress":[{"cidr_blocks":[false],"ipv6_cidr_blocks":[],"prefix_list_ids":[],"security_groups":[]}],"ingress":[{"cidr_blocks":[false],"ipv6_cidr_blocks":[],"prefix_list_ids":[],"security_groups":[]}],"tags":{},"tags_all":{}},"identity_schema_version":0,"identity":{"account_id":null,"id":null,"region":null}},{"address":"aws_security_group.ec2","mode":"managed","type":"aws_security_group","name":"ec2","provider_name":"registry.terraform.io/hashicorp/aws","schema_version":1,"values":{"description":"EC2 Docker host","egress":[{"cidr_blocks":["0.0.0.0/0"],"description":"","from_port":0,"ipv6_cidr_blocks":[],"prefix_list_ids":[],"protocol":"-1","security_groups":[],"self":false,"to_port":0}],"ingress":[{"cidr_blocks":[],"description":"HTTP from ALB","from_port":80,"ipv6_cidr_blocks":[],"prefix_list_ids":[],"protocol":"tcp","self":false,"to_port":80}],"name":"portfolio-prod-ec2-sg","region":"us-east-1","revoke_rules_on_delete":false,"tags":{"Name":"portfolio-prod-ec2-sg"},"tags_all":{"Environment":"prod","ManagedBy":"terraform","Name":"portfolio-prod-ec2-sg","Project":"portfolio"},"timeouts":null},"sensitive_values":{"egress":[{"cidr_blocks":[false],"ipv6_cidr_blocks":[],"prefix_list_ids":[],"security_groups":[]}],"ingress":[{"cidr_blocks":[],"ipv6_cidr_blocks":[],"prefix_list_ids":[],"security_groups":[]}],"tags":{},"tags_all":{}},"identity_schema_version":0,"identity":{"account_id":null,"id":null,"region":null}},{"address":"aws_subnet.public[\"0\"]","mode":"managed","type":"aws_subnet","name":"public","index":"0","provider_name":"registry.terraform.io/hashicorp/aws","schema_version":1,"values":{"assign_ipv6_address_on_creation":false,"availability_zone":"us-east-1a","cidr_block":"10.0.1.0/24","customer_owned_ipv4_pool":null,"enable_dns64":false,"enable_lni_at_device_index":null,"enable_resource_name_dns_a_record_on_launch":false,"enable_resource_name_dns_aaaa_record_on_launch":false,"ipv6_cidr_block":null,"ipv6_native":false,"map_customer_owned_ip_on_launch":null,"map_public_ip_on_launch":true,"outpost_arn":null,"region":"us-east-1","tags":{"Name":"portfolio-prod-public-0","Tier":"public"},"tags_all":{"Environment":"prod","ManagedBy":"terraform","Name":"portfolio-prod-public-0","Project":"portfolio","Tier":"public"},"timeouts":null},"sensitive_values":{"tags":{},"tags_all":{}},"identity_schema_version":0,"identity":{"account_id":null,"id":null,"region":null}},{"address":"aws_subnet.public[\"1\"]","mode":"managed","type":"aws_subnet","name":"public","index":"1","provider_name":"registry.terraform.io/hashicorp/aws","schema_version":1,"values":{"assign_ipv6_address_on_creation":false,"availability_zone":"us-east-1b","cidr_block":"10.0.2.0/24","customer_owned_ipv4_pool":null,"enable_dns64":false,"enable_lni_at_device_index":null,"enable_resource_name_dns_a_record_on_launch":false,"enable_resource_name_dns_aaaa_record_on_launch":false,"ipv6_cidr_block":null,"ipv6_native":false,"map_customer_owned_ip_on_launch":null,"map_public_ip_on_launch":true,"outpost_arn":null,"region":"us-east-1","tags":{"Name":"portfolio-prod-public-1","Tier":"public"},"tags_all":{"Environment":"prod","ManagedBy":"terraform","Name":"portfolio-prod-public-1","Project":"portfolio","Tier":"public"},"timeouts":null},"sensitive_values":{"tags":{},"tags_all":{}},"identity_schema_version":0,"identity":{"account_id":null,"id":null,"region":null}},{"address":"aws_vpc.this","mode":"managed","type":"aws_vpc","name":"this","provider_name":"registry.terraform.io/hashicorp/aws","schema_version":1,"values":{"assign_generated_ipv6_cidr_block":null,"cidr_block":"10.0.0.0/16","enable_dns_hostnames":true,"enable_dns_support":true,"instance_tenancy":"default","ipv4_ipam_pool_id":null,"ipv4_netmask_length":null,"ipv6_ipam_pool_id":null,"ipv6_netmask_length":null,"region":"us-east-1","tags":{"Name":"portfolio-prod-vpc"},"tags_all":{"Environment":"prod","ManagedBy":"terraform","Name":"portfolio-prod-vpc","Project":"portfolio"}},"sensitive_values":{"tags":{},"tags_all":{}},"identity_schema_version":0,"identity":{"account_id":null,"id":null,"region":null}}]}},"resource_changes":[{"address":"aws_iam_instance_profile.ec2","mode":"managed","type":"aws_iam_instance_profile","name":"ec2","provider_name":"registry.terraform.io/hashicorp/aws","change":{"actions":["create"],"before":null,"after":{"name":"portfolio-prod-ec2-profile","path":"/","role":"portfolio-prod-ec2-role","tags":null,"tags_all":{"Environment":"prod","ManagedBy":"terraform","Project":"portfolio"}},"after_unknown":{"arn":true,"create_date":true,"id":true,"name_prefix":true,"tags_all":{},"unique_id":true},"before_sensitive":false,"after_sensitive":{"tags_all":{}}}},{"address":"aws_iam_role.ec2","mode":"managed","type":"aws_iam_role","name":"ec2","provider_name":"registry.terraform.io/hashicorp/aws","change":{"actions":["create"],"before":null,"after":{"assume_role_policy":"{\"Statement\":[{\"Action\":\"sts:AssumeRole\",\"Effect\":\"Allow\",\"Principal\":{\"Service\":\"ec2.amazonaws.com\"}}],\"Version\":\"2012-10-17\"}","description":null,"force_detach_policies":false,"max_session_duration":3600,"name":"portfolio-prod-ec2-role","path":"/","permissions_boundary":null,"tags":null,"tags_all":{"Environment":"prod","ManagedBy":"terraform","Project":"portfolio"}},"after_unknown":{"arn":true,"create_date":true,"id":true,"inline_policy":true,"managed_policy_arns":true,"name_prefix":true,"tags_all":{},"unique_id":true},"before_sensitive":false,"after_sensitive":{"inline_policy":[],"managed_policy_arns":[],"tags_all":{}},"after_identity":{"account_id":null,"name":null}}},{"address":"aws_iam_role_policy_attachment.ssm","mode":"managed","type":"aws_iam_role_policy_attachment","name":"ssm","provider_name":"registry.terraform.io/hashicorp/aws","change":{"actions":["create"],"before":null,"after":{"policy_arn":"arn:aws:iam::aws:policy/AmazonSSMManagedInstanceCore","role":"portfolio-prod-ec2-role"},"after_unknown":{"id":true},"before_sensitive":false,"after_sensitive":{},"after_identity":{"account_id":null,"policy_arn":null,"role":null}}},{"address":"aws_instance.docker_host","mode":"managed","type":"aws_instance","name":"docker_host","provider_name":"registry.terraform.io/hashicorp/aws","change":{"actions":["create"],"before":null,"after":{"ami":"ami-07c1fa5792ef8fe27","associate_public_ip_address":true,"credit_specification":[],"force_destroy":false,"get_password_data":false,"hibernation":null,"iam_instance_profile":"portfolio-prod-ec2-profile","instance_type":"t3.micro","launch_template":[],"metadata_options":[{"http_endpoint":"enabled","http_protocol_ipv6":"disabled","http_tokens":"required"}],"region":"us-east-1","root_block_device":[{"delete_on_termination":true,"encrypted":true,"tags":null,"volume_size":10,"volume_type":"gp3"}],"source_dest_check":true,"tags":{"Name":"portfolio-prod-docker-host"},"tags_all":{"Environment":"prod","ManagedBy":"terraform","Name":"portfolio-prod-docker-host","Project":"portfolio"},"timeouts":null,"user_data":"#!/bin/bash\nset -euo pipefail\n\n# Basic hardening\ndnf -y update\n\n# Install Docker\ndnf -y install docker\nsystemctl enable docker\nsystemctl start docker\n\n# Allow ec2-user to run docker without sudo (optional)\nusermod -aG docker ec2-user || true\n\n# Install SSM agent (AL2023 usually has it, but ensure)\ndnf -y install amazon-ssm-agent || true\nsystemctl enable amazon-ssm-agent\nsystemctl restart amazon-ssm-agent || true\n\n\n\n# Run container (GitLab CI can still redeploy by pulling a new tag and restarting)\n# Stop/remove existing container if present\nif docker ps -a --format '{{.Names}}' | grep -q '^portfolio-nginx$'; then\n  docker rm -f portfolio-nginx || true\nfi\n\n# Pull and run\n# NOTE: If your registry requires auth, GitLab CI deploy step should run `docker login` first.\ndocker pull registry.gitlab.com/dmitry1094608/dmitryportfolio/portfolioimage:main || true\n\ndocker run -d \\\n  --name portfolio-nginx \\\n  --restart unless-stopped \\\n  -p 80:80 \\\n  -p 443:443 \\\n  registry.gitlab.com/dmitry1094608/dmitryportfolio/portfolioimage:main\n","user_data_replace_on_change":false,"volume_tags":null},"after_unknown":{"arn":true,"availability_zone":true,"capacity_reservation_specification":true,"cpu_options":true,"credit_specification":[],"disable_api_stop":true,"disable_api_termination":true,"ebs_block_device":true,"ebs_optimized":true,"enable_primary_ipv6":true,"enclave_options":true,"ephemeral_block_device":true,"host_id":true,"host_resource_group_arn":true,"id":true,"instance_initiated_shutdown_behavior":true,"instance_lifecycle":true,"instance_market_options":true,"instance_state":true,"ipv6_address_count":true,"ipv6_addresses":true,"key_name":true,"launch_template":[],"maintenance_options":true,"metadata_options":[{"http_put_response_hop_limit":true,"instance_metadata_tags":true}],"monitoring":true,"network_interface":true,"outpost_arn":true,"password_data":true,"placement_group":true,"placement_group_id":true,"placement_partition_number":true,"primary_network_interface":true,"primary_network_interface_id":true,"private_dns":true,"private_dns_name_options":true,"private_ip":true,"public_dns":true,"public_ip":true,"root_block_device":[{"device_name":true,"iops":true,"kms_key_id":true,"tags_all":true,"throughput":true,"volume_id":true}],"secondary_private_ips":true,"security_groups":true,"spot_instance_request_id":true,"subnet_id":true,"tags":{},"tags_all":{},"tenancy":true,"user_data_base64":true,"vpc_security_group_ids":true},"before_sensitive":false,"after_sensitive":{"capacity_reservation_specification":[],"cpu_options":[],"credit_specification":[],"ebs_block_device":[],"enclave_options":[],"ephemeral_block_device":[],"instance_market_options":[],"ipv6_addresses":[],"key_name":true,"launch_template":[],"maintenance_options":[],"metadata_options":[{}],"network_interface":[],"primary_network_interface":[],"private_dns_name_options":[],"root_block_device":[{"tags_all":{}}],"secondary_private_ips":[],"security_groups":[],"tags":{},"tags_all":{},"vpc_security_group_ids":[]},"after_identity":{"account_id":null,"id":null,"region":null}}},{"address":"aws_internet_gateway.this","mode":"managed","type":"aws_internet_gateway","name":"this","provider_name":"registry.terraform.io/hashicorp/aws","change":{"actions":["create"],"before":null,"after":{"region":"us-east-1","tags":{"Name":"portfolio-prod-igw"},"tags_all":{"Environment":"prod","ManagedBy":"terraform","Name":"portfolio-prod-igw","Project":"portfolio"},"timeouts":null},"after_unknown":{"arn":true,"id":true,"owner_id":true,"tags":{},"tags_all":{},"vpc_id":true},"before_sensitive":false,"after_sensitive":{"tags":{},"tags_all":{}}}},{"address":"aws_lb.this","mode":"managed","type":"aws_lb","name":"this","provider_name":"registry.terraform.io/hashicorp/aws","change":{"actions":["create"],"before":null,"after":{"access_logs":[],"client_keep_alive":3600,"connection_logs":[],"customer_owned_ipv4_pool":null,"desync_mitigation_mode":"defensive","dns_record_client_routing_policy":null,"drop_invalid_header_fields":true,"enable_cross_zone_load_balancing":null,"enable_deletion_protection":false,"enable_http2":true,"enable_tls_version_and_cipher_suite_headers":false,"enable_waf_fail_open":false,"enable_xff_client_port":false,"enable_zonal_shift":false,"health_check_logs":[],"idle_timeout":60,"internal":false,"ipam_pools":[],"load_balancer_type":"application","minimum_load_balancer_capacity":[],"name":"portfolio-prod-alb","preserve_host_header":false,"region":"us-east-1","tags":{"Name":"portfolio-prod-alb"},"tags_all":{"Environment":"prod","ManagedBy":"terraform","Name":"portfolio-prod-alb","Project":"portfolio"},"timeouts":null,"xff_header_processing_mode":"append"},"after_unknown":{"access_logs":[],"arn":true,"arn_suffix":true,"connection_logs":[],"dns_name":true,"enforce_security_group_inbound_rules_on_private_link_traffic":true,"health_check_logs":[],"id":true,"ip_address_type":true,"ipam_pools":[],"minimum_load_balancer_capacity":[],"name_prefix":true,"secondary_ips_auto_assigned_per_subnet":true,"security_groups":true,"subnet_mapping":true,"subnets":true,"tags":{},"tags_all":{},"vpc_id":true,"zone_id":true},"before_sensitive":false,"after_sensitive":{"access_logs":[],"connection_logs":[],"health_check_logs":[],"ipam_pools":[],"minimum_load_balancer_capacity":[],"security_groups":[],"subnet_mapping":[],"subnets":[],"tags":{},"tags_all":{}},"after_identity":{"arn":null}}},{"address":"aws_lb_listener.http","mode":"managed","type":"aws_lb_listener","name":"http","provider_name":"registry.terraform.io/hashicorp/aws","change":{"actions":["create"],"before":null,"after":{"alpn_policy":null,"certificate_arn":null,"default_action":[{"authenticate_cognito":[],"authenticate_oidc":[],"fixed_response":[],"forward":[],"jwt_validation":[],"redirect":[],"type":"forward"}],"port":80,"protocol":"HTTP","region":"us-east-1","tags":null,"tags_all":{"Environment":"prod","ManagedBy":"terraform","Project":"portfolio"},"timeouts":null},"after_unknown":{"arn":true,"default_action":[{"authenticate_cognito":[],"authenticate_oidc":[],"fixed_response":[],"forward":[],"jwt_validation":[],"order":true,"redirect":[],"target_group_arn":true}],"id":true,"load_balancer_arn":true,"mutual_authentication":true,"routing_http_request_x_amzn_mtls_clientcert_header_name":true,"routing_http_request_x_amzn_mtls_clientcert_issuer_header_name":true,"routing_http_request_x_amzn_mtls_clientcert_leaf_header_name":true,"routing_http_request_x_amzn_mtls_clientcert_serial_number_header_name":true,"routing_http_request_x_amzn_mtls_clientcert_subject_header_name":true,"routing_http_request_x_amzn_mtls_clientcert_validity_header_name":true,"routing_http_request_x_amzn_tls_cipher_suite_header_name":true,"routing_http_request_x_amzn_tls_version_header_name":true,"routing_http_response_access_control_allow_credentials_header_value":true,"routing_http_response_access_control_allow_headers_header_value":true,"routing_http_response_access_control_allow_methods_header_value":true,"routing_http_response_access_control_allow_origin_header_value":true,"routing_http_response_access_control_expose_headers_header_value":true,"routing_http_response_access_control_max_age_header_value":true,"routing_http_response_content_security_policy_header_value":true,"routing_http_response_server_enabled":true,"routing_http_response_strict_transport_security_header_value":true,"routing_http_response_x_content_type_options_header_value":true,"routing_http_response_x_frame_options_header_value":true,"ssl_policy":true,"tags_all":{},"tcp_idle_timeout_seconds":true},"before_sensitive":false,"after_sensitive":{"default_action":[{"authenticate_cognito":[],"authenticate_oidc":[],"fixed_response":[],"forward":[],"jwt_validation":[],"redirect":[]}],"mutual_authentication":[],"tags_all":{}},"after_identity":{"arn":null}}},{"address":"aws_lb_target_group.http","mode":"managed","type":"aws_lb_target_group","name":"http","provider_name":"registry.terraform.io/hashicorp/aws","change":{"actions":["create"],"before":null,"after":{"deregistration_delay":"300","health_check":[{"enabled":true,"healthy_threshold":2,"interval":30,"matcher":"200-399","path":"/","port":"traffic-port","protocol":"HTTP","timeout":5,"unhealthy_threshold":2}],"lambda_multi_value_headers_enabled":false,"name":"portfolio-prod-tg","port":80,"protocol":"HTTP","proxy_protocol_v2":false,"region":"us-east-1","slow_start":0,"tags":{"Name":"portfolio-prod-tg"},"tags_all":{"Environment":"prod","ManagedBy":"terraform","Name":"portfolio-prod-tg","Project":"portfolio"},"target_control_port":null,"target_type":"instance"},"after_unknown":{"arn":true,"arn_suffix":true,"connection_termination":true,"health_check":[{}],"id":true,"ip_address_type":true,"load_balancer_arns":true,"load_balancing_algorithm_type":true,"load_balancing_anomaly_mitigation":true,"load_balancing_cross_zone_enabled":true,"name_prefix":true,"preserve_client_ip":true,"protocol_version":true,"stickiness":true,"tags":{},"tags_all":{},"target_failover":true,"target_group_health":true,"target_health_state":true,"vpc_id":true},"before_sensitive":false,"after_sensitive":{"health_check":[{}],"load_balancer_arns":[],"stickiness":[],"tags":{},"tags_all":{},"target_failover":[],"target_group_health":[],"target_health_state":[]},"after_identity":{"arn":null}}},{"address":"aws_lb_target_group_attachment.ec2","mode":"managed","type":"aws_lb_target_group_attachment","name":"ec2","provider_name":"registry.terraform.io/hashicorp/aws","change":{"actions":["create"],"before":null,"after":{"availability_zone":null,"port":80,"quic_server_id":null,"region":"us-east-1"},"after_unknown":{"id":true,"target_group_arn":true,"target_id":true},"before_sensitive":false,"after_sensitive":{}}},{"address":"aws_route_table.public","mode":"managed","type":"aws_route_table","name":"public","provider_name":"registry.terraform.io/hashicorp/aws","change":{"actions":["create"],"before":null,"after":{"region":"us-east-1","route":[{"carrier_gateway_id":"","cidr_block":"0.0.0.0/0","core_network_arn":"","destination_prefix_list_id":"","egress_only_gateway_id":"","ipv6_cidr_block":"","local_gateway_id":"","nat_gateway_id":"","network_interface_id":"","transit_gateway_id":"","vpc_endpoint_id":"","vpc_peering_connection_id":""}],"tags":{"Name":"portfolio-prod-public-rt"},"tags_all":{"Environment":"prod","ManagedBy":"terraform","Name":"portfolio-prod-public-rt","Project":"portfolio"},"timeouts":null},"after_unknown":{"arn":true,"id":true,"owner_id":true,"propagating_vgws":true,"route":[{"gateway_id":true}],"tags":{},"tags_all":{},"vpc_id":true},"before_sensitive":false,"after_sensitive":{"propagating_vgws":[],"route":[{}],"tags":{},"tags_all":{}},"after_identity":{"account_id":null,"id":null,"region":null}}},{"address":"aws_route_table_association.public[\"0\"]","mode":"managed","type":"aws_route_table_association","name":"public","index":"0","provider_name":"registry.terraform.io/hashicorp/aws","change":{"actions":["create"],"before":null,"after":{"gateway_id":null,"region":"us-east-1","timeouts":null},"after_unknown":{"id":true,"route_table_id":true,"subnet_id":true},"before_sensitive":false,"after_sensitive":{}}},{"address":"aws_route_table_association.public[\"1\"]","mode":"managed","type":"aws_route_table_association","name":"public","index":"1","provider_name":"registry.terraform.io/hashicorp/aws","change":{"actions":["create"],"before":null,"after":{"gateway_id":null,"region":"us-east-1","timeouts":null},"after_unknown":{"id":true,"route_table_id":true,"subnet_id":true},"before_sensitive":false,"after_sensitive":{}}},{"address":"aws_security_group.alb","mode":"managed","type":"aws_security_group","name":"alb","provider_name":"registry.terraform.io/hashicorp/aws","change":{"actions":["create"],"before":null,"after":{"description":"ALB ingress","egress":[{"cidr_blocks":["0.0.0.0/0"],"description":"","from_port":0,"ipv6_cidr_blocks":[],"prefix_list_ids":[],"protocol":"-1","security_groups":[],"self":false,"to_port":0}],"ingress":[{"cidr_blocks":["0.0.0.0/0"],"description":"HTTP","from_port":80,"ipv6_cidr_blocks":[],"prefix_list_ids":[],"protocol":"tcp","security_groups":[],"self":false,"to_port":80}],"name":"portfolio-prod-alb-sg","region":"us-east-1","revoke_rules_on_delete":false,"tags":{"Name":"portfolio-prod-alb-sg"},"tags_all":{"Environment":"prod","ManagedBy":"terraform","Name":"portfolio-prod-alb-sg","Project":"portfolio"},"timeouts":null},"after_unknown":{"arn":true,"egress":[{"cidr_blocks":[false],"ipv6_cidr_blocks":[],"prefix_list_ids":[],"security_groups":[]}],"id":true,"ingress":[{"cidr_blocks":[false],"ipv6_cidr_blocks":[],"prefix_list_ids":[],"security_groups":[]}],"name_prefix":true,"owner_id":true,"tags":{},"tags_all":{},"vpc_id":true},"before_sensitive":false,"after_sensitive":{"egress":[{"cidr_blocks":[false],"ipv6_cidr_blocks":[],"prefix_list_ids":[],"security_groups":[]}],"ingress":[{"cidr_blocks":[false],"ipv6_cidr_blocks":[],"prefix_list_ids":[],"security_groups":[]}],"tags":{},"tags_all":{}},"after_identity":{"account_id":null,"id":null,"region":null}}},{"address":"aws_security_group.ec2","mode":"managed","type":"aws_security_group","name":"ec2","provider_name":"registry.terraform.io/hashicorp/aws","change":{"actions":["create"],"before":null,"after":{"description":"EC2 Docker host","egress":[{"cidr_blocks":["0.0.0.0/0"],"description":"","from_port":0,"ipv6_cidr_blocks":[],"prefix_list_ids":[],"protocol":"-1","security_groups":[],"self":false,"to_port":0}],"ingress":[{"cidr_blocks":[],"description":"HTTP from ALB","from_port":80,"ipv6_cidr_blocks":[],"prefix_list_ids":[],"protocol":"tcp","self":false,"to_port":80}],"name":"portfolio-prod-ec2-sg","region":"us-east-1","revoke_rules_on_delete":false,"tags":{"Name":"portfolio-prod-ec2-sg"},"tags_all":{"Environment":"prod","ManagedBy":"terraform","Name":"portfolio-prod-ec2-sg","Project":"portfolio"},"timeouts":null},"after_unknown":{"arn":true,"egress":[{"cidr_blocks":[false],"ipv6_cidr_blocks":[],"prefix_list_ids":[],"security_groups":[]}],"id":true,"ingress":[{"cidr_blocks":[],"ipv6_cidr_blocks":[],"prefix_list_ids":[],"security_groups":true}],"name_prefix":true,"owner_id":true,"tags":{},"tags_all":{},"vpc_id":true},"before_sensitive":false,"after_sensitive":{"egress":[{"cidr_blocks":[false],"ipv6_cidr_blocks":[],"prefix_list_ids":[],"security_groups":[]}],"ingress":[{"cidr_blocks":[],"ipv6_cidr_blocks":[],"prefix_list_ids":[],"security_groups":[]}],"tags":{},"tags_all":{}},"after_identity":{"account_id":null,"id":null,"region":null}}},{"address":"aws_subnet.public[\"0\"]","mode":"managed","type":"aws_subnet","name":"public","index":"0","provider_name":"registry.terraform.io/hashicorp/aws","change":{"actions":["create"],"before":null,"after":{"assign_ipv6_address_on_creation":false,"availability_zone":"us-east-1a","cidr_block":"10.0.1.0/24","customer_owned_ipv4_pool":null,"enable_dns64":false,"enable_lni_at_device_index":null,"enable_resource_name_dns_a_record_on_launch":false,"enable_resource_name_dns_aaaa_record_on_launch":false,"ipv6_cidr_block":null,"ipv6_native":false,"map_customer_owned_ip_on_launch":null,"map_public_ip_on_launch":true,"outpost_arn":null,"region":"us-east-1","tags":{"Name":"portfolio-prod-public-0","Tier":"public"},"tags_all":{"Environment":"prod","ManagedBy":"terraform","Name":"portfolio-prod-public-0","Project":"portfolio","Tier":"public"},"timeouts":null},"after_unknown":{"arn":true,"availability_zone_id":true,"id":true,"ipv6_cidr_block_association_id":true,"owner_id":true,"private_dns_hostname_type_on_launch":true,"tags":{},"tags_all":{},"vpc_id":true},"before_sensitive":false,"after_sensitive":{"tags":{},"tags_all":{}},"after_identity":{"account_id":null,"id":null,"region":null}}},{"address":"aws_subnet.public[\"1\"]","mode":"managed","type":"aws_subnet","name":"public","index":"1","provider_name":"registry.terraform.io/hashicorp/aws","change":{"actions":["create"],"before":null,"after":{"assign_ipv6_address_on_creation":false,"availability_zone":"us-east-1b","cidr_block":"10.0.2.0/24","customer_owned_ipv4_pool":null,"enable_dns64":false,"enable_lni_at_device_index":null,"enable_resource_name_dns_a_record_on_launch":false,"enable_resource_name_dns_aaaa_record_on_launch":false,"ipv6_cidr_block":null,"ipv6_native":false,"map_customer_owned_ip_on_launch":null,"map_public_ip_on_launch":true,"outpost_arn":null,"region":"us-east-1","tags":{"Name":"portfolio-prod-public-1","Tier":"public"},"tags_all":{"Environment":"prod","ManagedBy":"terraform","Name":"portfolio-prod-public-1","Project":"portfolio","Tier":"public"},"timeouts":null},"after_unknown":{"arn":true,"availability_zone_id":true,"id":true,"ipv6_cidr_block_association_id":true,"owner_id":true,"private_dns_hostname_type_on_launch":true,"tags":{},"tags_all":{},"vpc_id":true},"before_sensitive":false,"after_sensitive":{"tags":{},"tags_all":{}},"after_identity":{"account_id":null,"id":null,"region":null}}},{"address":"aws_vpc.this","mode":"managed","type":"aws_vpc","name":"this","provider_name":"registry.terraform.io/hashicorp/aws","change":{"actions":["create"],"before":null,"after":{"assign_generated_ipv6_cidr_block":null,"cidr_block":"10.0.0.0/16","enable_dns_hostnames":true,"enable_dns_support":true,"instance_tenancy":"default","ipv4_ipam_pool_id":null,"ipv4_netmask_length":null,"ipv6_ipam_pool_id":null,"ipv6_netmask_length":null,"region":"us-east-1","tags":{"Name":"portfolio-prod-vpc"},"tags_all":{"Environment":"prod","ManagedBy":"terraform","Name":"portfolio-prod-vpc","Project":"portfolio"}},"after_unknown":{"arn":true,"default_network_acl_id":true,"default_route_table_id":true,"default_security_group_id":true,"dhcp_options_id":true,"enable_network_address_usage_metrics":true,"id":true,"ipv6_association_id":true,"ipv6_cidr_block":true,"ipv6_cidr_block_network_border_group":true,"main_route_table_id":true,"owner_id":true,"tags":{},"tags_all":{}},"before_sensitive":false,"after_sensitive":{"tags":{},"tags_all":{}},"after_identity":{"account_id":null,"id":null,"region":null}}}],"output_changes":{"alb_dns_name":{"actions":["create"],"before":null,"after_unknown":true,"before_sensitive":false,"after_sensitive":false},"ec2_instance_id":{"actions":["create"],"before":null,"after_unknown":true,"before_sensitive":false,"after_sensitive":false},"ec2_public_ip":{"actions":["create"],"before":null,"after_unknown":true,"before_sensitive":false,"after_sensitive":false},"public_subnet_ids":{"actions":["create"],"before":null,"after":[null,null],"after_unknown":[true,true],"before_sensitive":false,"after_sensitive":false},"site_url":{"actions":["create"],"before":null,"after_unknown":true,"before_sensitive":false,"after_sensitive":false},"vpc_id":{"actions":["create"],"before":null,"after_unknown":true,"before_sensitive":false,"after_sensitive":false}},"prior_state":{"format_version":"1.0","terraform_version":"1.13.5","values":{"root_module":{"resources":[{"address":"data.aws_ami.al2023","mode":"data","type":"aws_ami","name":"al2023","provider_name":"registry.terraform.io/hashicorp/aws","schema_version":0,"values":{"allow_unsafe_filter":null,"architecture":"x86_64","arn":"arn:aws:ec2:us-east-1::image/ami-07c1fa5792ef8fe27","block_device_mappings":[{"device_name":"/dev/xvda","ebs":{"delete_on_termination":"false","encrypted":"false","iops":"0","snapshot_id":"snap-2df8d0d6e4ca0f067","throughput":"0","volume_initialization_rate":"0","volume_size":"15","volume_type":"standard"},"no_device":"","virtual_name":""}],"boot_mode":"uefi","creation_date":"2026-01-27T07:36:32.000Z","deprecation_time":"","description":"Amazon Linux 2023 AMI 2023.8.20250915.0 x86_64 Minimal HVM kernel-6.1","ena_support":false,"executable_users":null,"filter":[{"name":"name","values":["al2023-ami-*-x86_64"]},{"name":"virtualization-type","values":["hvm"]}],"hypervisor":"xen","id":"ami-07c1fa5792ef8fe27","image_id":"ami-07c1fa5792ef8fe27","image_location":"","image_owner_alias":"amazon","image_type":"machine","imds_support":"","include_deprecated":false,"kernel_id":"","last_launched_time":"","most_recent":true,"name":"al2023-ami-minimal-2023.8.20250915.0-kernel-6.1-x86_64","name_regex":null,"owner_id":"137112412989","owners":["amazon"],"platform":"","platform_details":"","product_codes":[],"public":true,"ramdisk_id":"","region":"us-east-1","root_device_name":"/dev/xvda","root_device_type":"ebs","root_snapshot_id":"snap-2df8d0d6e4ca0f067","sriov_net_support":"","state":"available","state_reason":{"code":"UNSET","message":"UNSET"},"tags":{},"timeouts":null,"tpm_support":"","uefi_data":null,"usage_operation":"","virtualization_type":"hvm"},"sensitive_values":{"block_device_mappings":[{"ebs":{}}],"filter":[{"values":[false]},{"values":[false]}],"owners":[false],"product_codes":[],"state_reason":{},"tags":{}}},{"address":"data.aws_availability_zones.available","mode":"data","type":"aws_availability_zones","name":"available","provider_name":"registry.terraform.io/hashicorp/aws","schema_version":0,"values":{"all_availability_zones":null,"exclude_names":null,"exclude_zone_ids":null,"filter":null,"group_names":[""],"id":"us-east-1","names":["us-east-1a","us-east-1b","us-east-1c","us-east-1d","us-east-1e","us-east-1f"],"region":"us-east-1","state":"available","timeouts":null,"zone_ids":["use1-az6","use1-az1","use1-az2","use1-az4","use1-az3","use1-az5"]},"sensitive_values":{"group_names":[false],"names":[false,false,false,false,false,false],"zone_ids":[false,false,false,false,false,false]}},{"address":"data.aws_iam_policy_document.ec2_assume","mode":"data","type":"aws_iam_policy_document","name":"ec2_assume","provider_name":"registry.terraform.io/hashicorp/aws","schema_version":0,"values":{"id":"2851119427","json":"{\n  \"Version\": \"2012-10-17\",\n  \"Statement\": [\n    {\n      \"Effect\": \"Allow\",\n      \"Action\": \"sts:AssumeRole\",\n      \"Principal\": {\n        \"Service\": \"ec2.amazonaws.com\"\n      }\n    }\n  ]\n}","minified_json":"{\"Version\":\"2012-10-17\",\"Statement\":[{\"Effect\":\"Allow\",\"Action\":\"sts:AssumeRole\",\"Principal\":{\"Service\":\"ec2.amazonaws.com\"}}]}","override_json":null,"override_policy_documents":null,"policy_id":null,"source_json":null,"source_policy_documents":null,"statement":[{"actions":["sts:AssumeRole"],"condition":[],"effect":"Allow","not_actions":[],"not_principals":[],"not_resources":[],"principals":[{"identifiers":["ec2.amazonaws.com"],"type":"Service"}],"resources":[],"sid":""}],"version":"2012-10-17"},"sensitive_values":{"statement":[{"actions":[false],"condition":[],"not_actions":[],"not_principals":[],"not_resources":[],"principals":[{"identifiers":[false]}],"resources":[]}]}}]}}},"configuration":{"provider_config":{"aws":{"name":"aws","full_name":"registry.terraform.io/hashicorp/aws","version_constraint":"~\u003e 6.27","expressions":{"default_tags":[{"tags":{"references":["var.project_name","var.environment"]}}],"region":{"references":["var.aws_region"]}}}},"root_module":{"outputs":{"alb_dns_name":{"expression":{"references":["aws_lb.this.dns_name","aws_lb.this"]},"description":"ALB DNS name."},"ec2_instance_id":{"expression":{"references":["aws_instance.docker_host.id","aws_instance.docker_host"]},"description":"EC2 instance ID for the Docker host."},"ec2_public_ip":{"expression":{"references":["aws_instance.docker_host.public_ip","aws_instance.docker_host"]},"description":"EC2 public IP (useful for SSH if enabled)."},"public_subnet_ids":{"expression":{"references":["aws_subnet.public"]},"description":"Public subnet IDs."},"site_url":{"expression":{"references":["var.enable_https","var.domain_name","var.domain_name","aws_lb.this.dns_name","aws_lb.this"]}},"vpc_id":{"expression":{"references":["aws_vpc.this.id","aws_vpc.this"]},"description":"VPC ID."}},"resources":[{"address":"aws_acm_certificate.this","mode":"managed","type":"aws_acm_certificate","name":"this","provider_config_key":"aws","expressions":{"domain_name":{"references":["var.domain_name"]},"validation_method":{"constant_value":"DNS"}},"schema_version":0,"count_expression":{"references":["var.enable_https"]}},{"address":"aws_acm_certificate_validation.this","mode":"managed","type":"aws_acm_certificate_validation","name":"this","provider_config_key":"aws","expressions":{"certificate_arn":{"references":["aws_acm_certificate.this[0].arn","aws_acm_certificate.this[0]","aws_acm_certificate.this"]},"validation_record_fqdns":{"references":["aws_route53_record.acm_validation"]}},"schema_version":0,"count_expression":{"references":["var.enable_https"]}},{"address":"aws_iam_instance_profile.ec2","mode":"managed","type":"aws_iam_instance_profile","name":"ec2","provider_config_key":"aws","expressions":{"name":{"references":["local.name_prefix"]},"role":{"references":["aws_iam_role.ec2.name","aws_iam_role.ec2"]}},"schema_version":0},{"address":"aws_iam_role.ec2","mode":"managed","type":"aws_iam_role","name":"ec2","provider_config_key":"aws","expressions":{"assume_role_policy":{"references":["data.aws_iam_policy_document.ec2_assume.json","data.aws_iam_policy_document.ec2_assume"]},"name":{"references":["local.name_prefix"]}},"schema_version":0},{"address":"aws_iam_role_policy_attachment.cw_agent","mode":"managed","type":"aws_iam_role_policy_attachment","name":"cw_agent","provider_config_key":"aws","expressions":{"policy_arn":{"constant_value":"arn:aws:iam::aws:policy/CloudWatchAgentServerPolicy"},"role":{"references":["aws_iam_role.ec2.name","aws_iam_role.ec2"]}},"schema_version":0,"count_expression":{"references":["var.enable_cloudwatch_logs"]}},{"address":"aws_iam_role_policy_attachment.ssm","mode":"managed","type":"aws_iam_role_policy_attachment","name":"ssm","provider_config_key":"aws","expressions":{"policy_arn":{"constant_value":"arn:aws:iam::aws:policy/AmazonSSMManagedInstanceCore"},"role":{"references":["aws_iam_role.ec2.name","aws_iam_role.ec2"]}},"schema_version":0},{"address":"aws_instance.docker_host","mode":"managed","type":"aws_instance","name":"docker_host","provider_config_key":"aws","expressions":{"ami":{"references":["data.aws_ami.al2023.id","data.aws_ami.al2023"]},"associate_public_ip_address":{"constant_value":true},"iam_instance_profile":{"references":["aws_iam_instance_profile.ec2.name","aws_iam_instance_profile.ec2"]},"instance_type":{"references":["var.instance_type"]},"key_name":{"references":["local.create_key_pair","aws_key_pair.this[0].key_name","aws_key_pair.this[0]","aws_key_pair.this"]},"metadata_options":[{"http_endpoint":{"constant_value":"enabled"},"http_tokens":{"constant_value":"required"}}],"root_block_device":[{"encrypted":{"constant_value":true},"volume_size":{"constant_value":10},"volume_type":{"constant_value":"gp3"}}],"subnet_id":{"references":["aws_subnet.public"]},"tags":{"references":["local.name_prefix"]},"user_data":{"references":["path.module","var.container_image","var.container_name","var.container_port_http","var.container_port_https","var.enable_cloudwatch_logs","var.aws_region","var.project_name","var.environment"]},"vpc_security_group_ids":{"references":["aws_security_group.ec2.id","aws_security_group.ec2"]}},"schema_version":2},{"address":"aws_internet_gateway.this","mode":"managed","type":"aws_internet_gateway","name":"this","provider_config_key":"aws","expressions":{"tags":{"references":["local.name_prefix"]},"vpc_id":{"references":["aws_vpc.this.id","aws_vpc.this"]}},"schema_version":0},{"address":"aws_key_pair.this","mode":"managed","type":"aws_key_pair","name":"this","provider_config_key":"aws","expressions":{"key_name":{"references":["local.name_prefix"]},"public_key":{"references":["var.ssh_public_key"]}},"schema_version":1,"count_expression":{"references":["local.create_key_pair"]}},{"address":"aws_lb.this","mode":"managed","type":"aws_lb","name":"this","provider_config_key":"aws","expressions":{"drop_invalid_header_fields":{"constant_value":true},"internal":{"constant_value":false},"load_balancer_type":{"constant_value":"application"},"name":{"references":["local.name_prefix"]},"security_groups":{"references":["aws_security_group.alb.id","aws_security_group.alb"]},"subnets":{"references":["aws_subnet.public"]},"tags":{"references":["local.name_prefix"]}},"schema_version":0},{"address":"aws_lb_listener.http","mode":"managed","type":"aws_lb_listener","name":"http","provider_config_key":"aws","expressions":{"default_action":[{"target_group_arn":{"references":["aws_lb_target_group.http.arn","aws_lb_target_group.http"]},"type":{"constant_value":"forward"}}],"load_balancer_arn":{"references":["aws_lb.this.arn","aws_lb.this"]},"port":{"constant_value":80},"protocol":{"constant_value":"HTTP"}},"schema_version":0},{"address":"aws_lb_listener.https","mode":"managed","type":"aws_lb_listener","name":"https","provider_config_key":"aws","expressions":{"certificate_arn":{"references":["aws_acm_certificate_validation.this[0].certificate_arn","aws_acm_certificate_validation.this[0]","aws_acm_certificate_validation.this"]},"default_action":[{"target_group_arn":{"references":["aws_lb_target_group.http.arn","aws_lb_target_group.http"]},"type":{"constant_value":"forward"}}],"load_balancer_arn":{"references":["aws_lb.this.arn","aws_lb.this"]},"port":{"constant_value":443},"protocol":{"constant_value":"HTTPS"},"ssl_policy":{"constant_value":"ELBSecurityPolicy-TLS13-1-2-2021-06"}},"schema_version":0,"count_expression":{"references":["var.enable_https"]}},{"address":"aws_lb_target_group.http","mode":"managed","type":"aws_lb_target_group","name":"http","provider_config_key":"aws","expressions":{"health_check":[{"enabled":{"constant_value":true},"healthy_threshold":{"constant_value":2},"interval":{"constant_value":30},"matcher":{"constant_value":"200-399"},"path":{"constant_value":"/"},"timeout":{"constant_value":5},"unhealthy_threshold":{"constant_value":2}}],"name":{"references":["local.name_prefix"]},"port":{"constant_value":80},"protocol":{"constant_value":"HTTP"},"tags":{"references":["local.name_prefix"]},"target_type":{"constant_value":"instance"},"vpc_id":{"references":["aws_vpc.this.id","aws_vpc.this"]}},"schema_version":0},{"address":"aws_lb_target_group_attachment.ec2","mode":"managed","type":"aws_lb_target_group_attachment","name":"ec2","provider_config_key":"aws","expressions":{"port":{"constant_value":80},"target_group_arn":{"references":["aws_lb_target_group.http.arn","aws_lb_target_group.http"]},"target_id":{"references":["aws_instance.docker_host.id","aws_instance.docker_host"]}},"schema_version":0},{"address":"aws_route53_record.acm_validation","mode":"managed","type":"aws_route53_record","name":"acm_validation","provider_config_key":"aws","expressions":{"name":{"references":["each.value.name","each.value"]},"records":{"references":["each.value.record","each.value"]},"ttl":{"constant_value":60},"type":{"references":["each.value.type","each.value"]},"zone_id":{"references":["var.hosted_zone_id"]}},"schema_version":2,"for_each_expression":{"references":["var.enable_https","aws_acm_certificate.this[0].domain_validation_options","aws_acm_certificate.this[0]","aws_acm_certificate.this"]}},{"address":"aws_route53_record.app","mode":"managed","type":"aws_route53_record","name":"app","provider_config_key":"aws","expressions":{"alias":[{"evaluate_target_health":{"constant_value":true},"name":{"references":["aws_lb.this.dns_name","aws_lb.this"]},"zone_id":{"references":["aws_lb.this.zone_id","aws_lb.this"]}}],"name":{"references":["var.domain_name"]},"type":{"constant_value":"A"},"zone_id":{"references":["var.hosted_zone_id"]}},"schema_version":2,"count_expression":{"references":["local.create_r53"]}},{"address":"aws_route_table.public","mode":"managed","type":"aws_route_table","name":"public","provider_config_key":"aws","expressions":{"route":{"references":["aws_internet_gateway.this.id","aws_internet_gateway.this"]},"tags":{"references":["local.name_prefix"]},"vpc_id":{"references":["aws_vpc.this.id","aws_vpc.this"]}},"schema_version":0},{"address":"aws_route_table_association.public","mode":"managed","type":"aws_route_table_association","name":"public","provider_config_key":"aws","expressions":{"route_table_id":{"references":["aws_route_table.public.id","aws_route_table.public"]},"subnet_id":{"references":["each.value.id","each.value"]}},"schema_version":0,"for_each_expression":{"references":["aws_subnet.public"]}},{"address":"aws_security_group.alb","mode":"managed","type":"aws_security_group","name":"alb","provider_config_key":"aws","expressions":{"description":{"constant_value":"ALB ingress"},"egress":{"constant_value":[{"cidr_blocks":["0.0.0.0/0"],"description":null,"from_port":0,"ipv6_cidr_blocks":null,"prefix_list_ids":null,"protocol":"-1","security_groups":null,"self":null,"to_port":0}]},"ingress":{"constant_value":[{"cidr_blocks":["0.0.0.0/0"],"description":"HTTP","from_port":80,"ipv6_cidr_blocks":null,"prefix_list_ids":null,"protocol":"tcp","security_groups":null,"self":null,"to_port":80}]},"name":{"references":["local.name_prefix"]},"tags":{"references":["local.name_prefix"]},"vpc_id":{"references":["aws_vpc.this.id","aws_vpc.this"]}},"schema_version":1},{"address":"aws_security_group.ec2","mode":"managed","type":"aws_security_group","name":"ec2","provider_config_key":"aws","expressions":{"description":{"constant_value":"EC2 Docker host"},"egress":{"constant_value":[{"cidr_blocks":["0.0.0.0/0"],"description":null,"from_port":0,"ipv6_cidr_blocks":null,"prefix_list_ids":null,"protocol":"-1","security_groups":null,"self":null,"to_port":0}]},"ingress":{"references":["aws_security_group.alb.id","aws_security_group.alb"]},"name":{"references":["local.name_prefix"]},"tags":{"references":["local.name_prefix"]},"vpc_id":{"references":["aws_vpc.this.id","aws_vpc.this"]}},"schema_version":1},{"address":"aws_subnet.public","mode":"managed","type":"aws_subnet","name":"public","provider_config_key":"aws","expressions":{"availability_zone":{"references":["local.azs","each.key"]},"cidr_block":{"references":["each.value"]},"map_public_ip_on_launch":{"constant_value":true},"tags":{"references":["local.name_prefix","each.key"]},"vpc_id":{"references":["aws_vpc.this.id","aws_vpc.this"]}},"schema_version":1,"for_each_expression":{"references":["var.public_subnet_cidrs"]}},{"address":"aws_vpc.this","mode":"managed","type":"aws_vpc","name":"this","provider_config_key":"aws","expressions":{"cidr_block":{"references":["var.vpc_cidr"]},"enable_dns_hostnames":{"constant_value":true},"enable_dns_support":{"constant_value":true},"tags":{"references":["local.name_prefix"]}},"schema_version":1},{"address":"data.aws_ami.al2023","mode":"data","type":"aws_ami","name":"al2023","provider_config_key":"aws","expressions":{"filter":[{"name":{"constant_value":"name"},"values":{"constant_value":["al2023-ami-*-x86_64"]}},{"name":{"constant_value":"virtualization-type"},"values":{"constant_value":["hvm"]}}],"most_recent":{"constant_value":true},"owners":{"constant_value":["amazon"]}},"schema_version":0},{"address":"data.aws_availability_zones.available","mode":"data","type":"aws_availability_zones","name":"available","provider_config_key":"aws","expressions":{"state":{"constant_value":"available"}},"schema_version":0},{"address":"data.aws_iam_policy_document.ec2_assume","mode":"data","type":"aws_iam_policy_document","name":"ec2_assume","provider_config_key":"aws","expressions":{"statement":[{"actions":{"constant_value":["sts:AssumeRole"]},"effect":{"constant_value":"Allow"},"principals":[{"identifiers":{"constant_value":["ec2.amazonaws.com"]},"type":{"constant_value":"Service"}}]}]},"schema_version":0}],"variables":{"aws_region":{"default":"us-east-1","description":"AWS region to deploy into."},"container_image":{"default":"registry.gitlab.com/dmitry1094608/dmitryportfolio/portfolioimage:main","description":"Container image to run on the EC2 host (e.g., registry.gitlab.com/\u003cgroup\u003e/\u003cproject\u003e/\u003cimage\u003e:tag)."},"container_name":{"default":"portfolio-nginx","description":"Docker container name."},"container_port_http":{"default":80,"description":"Container port for HTTP."},"container_port_https":{"default":443,"description":"Container port for HTTPS."},"domain_name":{"default":"","description":"Fully qualified domain name to serve (e.g., projects.example.com). Required if enable_https=true or if you want Route53 record."},"enable_cloudwatch_logs":{"default":false,"description":"If true, install and configure the CloudWatch Agent to ship /var/log/messages and docker logs (basic)."},"enable_https":{"default":false,"description":"If true, create an ACM certificate and HTTPS listener on the ALB. Requires a public Route53 hosted zone and a domain name."},"environment":{"default":"prod","description":"Environment name (e.g., dev, staging, prod)."},"hosted_zone_id":{"default":"","description":"Route53 hosted zone ID for domain_name. Required if enable_https=true or if you want Route53 record."},"instance_type":{"default":"t3.micro","description":"EC2 instance type for the Docker host."},"project_name":{"default":"portfolio","description":"Project/name prefix used for tagging and resource names."},"public_subnet_cidrs":{"default":["10.0.1.0/24","10.0.2.0/24"],"description":"Public subnet CIDRs (2 AZs recommended)."},"ssh_allowed_cidrs":{"default":[],"description":"CIDR allowlist for inbound SSH (22). Keep this tight (e.g., your office/VPN or GitLab runner egress IPs)."},"ssh_public_key":{"default":"","description":"Public key material to create an EC2 key pair (optional). If empty, no key pair is created and SSH access is disabled unless you attach a key manually.","sensitive":true},"vpc_cidr":{"default":"10.0.0.0/16","description":"CIDR block for the VPC."}}}},"relevant_attributes":[{"resource":"data.aws_ami.al2023","attribute":["id"]},{"resource":"data.aws_availability_zones.available","attribute":["names"]},{"resource":"aws_lb.this","attribute":["dns_name"]},{"resource":"aws_iam_instance_profile.ec2","attribute":["name"]},{"resource":"aws_internet_gateway.this","attribute":["id"]},{"resource":"aws_iam_role.ec2","attribute":["name"]},{"resource":"aws_security_group.ec2","attribute":["id"]},{"resource":"data.aws_iam_policy_document.ec2_assume","attribute":["json"]},{"resource":"aws_instance.docker_host","attribute":["id"]},{"resource":"aws_route_table.public","attribute":["id"]},{"resource":"aws_security_group.alb","attribute":["id"]},{"resource":"aws_vpc.this","attribute":["id"]},{"resource":"aws_instance.docker_host","attribute":["public_ip"]},{"resource":"aws_key_pair.this[0]","attribute":["key_name"]},{"resource":"aws_lb_target_group.http","attribute":["arn"]},{"resource":"aws_subnet.public","attribute":[]},{"resource":"aws_lb.this","attribute":["arn"]}],"timestamp":"2026-01-27T07:36:31Z","applyable":true,"complete":true,"errored":false}
