
Terraform used the selected providers to generate the following execution
plan. Resource actions are indicated with the following symbols:
  + create

Terraform will perform the following actions:

  # aws_s3_bucket.artifacts will be created
  + resource "aws_s3_bucket" "artifacts" {
      + acceleration_status         = (known after apply)
      + acl                         = (known after apply)
      + arn                         = (known after apply)
      + bucket                      = (known after apply)
      + bucket_domain_name          = (known after apply)
      + bucket_prefix               = (known after apply)
      + bucket_region               = (known after apply)
      + bucket_regional_domain_name = (known after apply)
      + force_destroy               = true
      + hosted_zone_id              = (known after apply)
      + id                          = (known after apply)
      + object_lock_enabled         = (known after apply)
      + policy                      = (known after apply)
      + region                      = "us-east-1"
      + request_payer               = (known after apply)
      + tags                        = {
          + "Environment" = "dev"
          + "Name"        = "k8s-cron-nc-backup"
        }
      + tags_all                    = {
          + "Environment" = "dev"
          + "Name"        = "k8s-cron-nc-backup"
        }
      + website_domain              = (known after apply)
      + website_endpoint            = (known after apply)

      + cors_rule (known after apply)

      + grant (known after apply)

      + lifecycle_rule (known after apply)

      + logging (known after apply)

      + object_lock_configuration (known after apply)

      + replication_configuration (known after apply)

      + server_side_encryption_configuration (known after apply)

      + versioning (known after apply)

      + website (known after apply)
    }

  # random_pet.bucket_name will be created
  + resource "random_pet" "bucket_name" {
      + id        = (known after apply)
      + length    = 2
      + separator = "-"
    }

Plan: 2 to add, 0 to change, 0 to destroy.

Changes to Outputs:
  + artifact_bucket_name = (known after apply)
random_pet.bucket_name: Creating...
random_pet.bucket_name: Creation complete after 0s [id=balanced-lioness]
aws_s3_bucket.artifacts: Creating...
aws_s3_bucket.artifacts: Still creating... [00m10s elapsed]
aws_s3_bucket.artifacts: Still creating... [00m20s elapsed]
aws_s3_bucket.artifacts: Still creating... [00m30s elapsed]
aws_s3_bucket.artifacts: Still creating... [00m40s elapsed]
aws_s3_bucket.artifacts: Still creating... [00m50s elapsed]
aws_s3_bucket.artifacts: Still creating... [01m00s elapsed]
aws_s3_bucket.artifacts: Still creating... [01m10s elapsed]
aws_s3_bucket.artifacts: Still creating... [01m20s elapsed]
aws_s3_bucket.artifacts: Still creating... [01m30s elapsed]
aws_s3_bucket.artifacts: Still creating... [01m40s elapsed]
aws_s3_bucket.artifacts: Still creating... [01m50s elapsed]
aws_s3_bucket.artifacts: Still creating... [02m00s elapsed]
aws_s3_bucket.artifacts: Still creating... [02m10s elapsed]
aws_s3_bucket.artifacts: Still creating... [02m20s elapsed]
aws_s3_bucket.artifacts: Still creating... [02m30s elapsed]
aws_s3_bucket.artifacts: Still creating... [02m40s elapsed]
aws_s3_bucket.artifacts: Still creating... [02m50s elapsed]
aws_s3_bucket.artifacts: Still creating... [03m00s elapsed]
aws_s3_bucket.artifacts: Still creating... [03m10s elapsed]
aws_s3_bucket.artifacts: Still creating... [03m20s elapsed]
aws_s3_bucket.artifacts: Still creating... [03m30s elapsed]
aws_s3_bucket.artifacts: Still creating... [03m40s elapsed]
aws_s3_bucket.artifacts: Still creating... [03m50s elapsed]
aws_s3_bucket.artifacts: Still creating... [04m00s elapsed]
aws_s3_bucket.artifacts: Still creating... [04m10s elapsed]
aws_s3_bucket.artifacts: Still creating... [04m20s elapsed]
aws_s3_bucket.artifacts: Still creating... [04m30s elapsed]
aws_s3_bucket.artifacts: Still creating... [04m40s elapsed]
aws_s3_bucket.artifacts: Still creating... [04m50s elapsed]
aws_s3_bucket.artifacts: Still creating... [05m00s elapsed]
aws_s3_bucket.artifacts: Still creating... [05m10s elapsed]
aws_s3_bucket.artifacts: Still creating... [05m20s elapsed]
aws_s3_bucket.artifacts: Still creating... [05m30s elapsed]
aws_s3_bucket.artifacts: Still creating... [05m40s elapsed]
aws_s3_bucket.artifacts: Still creating... [05m50s elapsed]
aws_s3_bucket.artifacts: Still creating... [06m00s elapsed]
aws_s3_bucket.artifacts: Still creating... [06m10s elapsed]
aws_s3_bucket.artifacts: Still creating... [06m20s elapsed]
aws_s3_bucket.artifacts: Still creating... [06m30s elapsed]
aws_s3_bucket.artifacts: Still creating... [06m40s elapsed]
aws_s3_bucket.artifacts: Still creating... [06m50s elapsed]
aws_s3_bucket.artifacts: Still creating... [07m00s elapsed]
aws_s3_bucket.artifacts: Still creating... [07m10s elapsed]
aws_s3_bucket.artifacts: Still creating... [07m20s elapsed]
