{"format_version":"1.2","terraform_version":"1.13.5","variables":{"app_name":{"value":"aws-boto3-workshop"},"aws_region":{"value":"us-east-1"},"bucket_name_prefix":{"value":"s3-bucket-workshop"}},"planned_values":{"outputs":{"s3_bucket_name":{"sensitive":false},"sample_object_key":{"sensitive":false,"type":"string","value":"images/lp1.jpeg"}},"root_module":{"resources":[{"address":"aws_s3_bucket.workshop","mode":"managed","type":"aws_s3_bucket","name":"workshop","provider_name":"registry.terraform.io/hashicorp/aws","schema_version":0,"values":{"force_destroy":true,"tags":null,"tags_all":{"Managed":"terraform","Project":"aws-boto3-workshop"},"timeouts":null},"sensitive_values":{"cors_rule":[],"grant":[],"lifecycle_rule":[],"logging":[],"object_lock_configuration":[],"replication_configuration":[],"server_side_encryption_configuration":[],"tags_all":{},"versioning":[],"website":[]}},{"address":"aws_s3_bucket_ownership_controls.workshop","mode":"managed","type":"aws_s3_bucket_ownership_controls","name":"workshop","provider_name":"registry.terraform.io/hashicorp/aws","schema_version":0,"values":{"rule":[{"object_ownership":"BucketOwnerEnforced"}]},"sensitive_values":{"rule":[{}]}},{"address":"aws_s3_bucket_public_access_block.workshop","mode":"managed","type":"aws_s3_bucket_public_access_block","name":"workshop","provider_name":"registry.terraform.io/hashicorp/aws","schema_version":0,"values":{"block_public_acls":true,"block_public_policy":true,"ignore_public_acls":true,"restrict_public_buckets":true},"sensitive_values":{}},{"address":"aws_s3_bucket_server_side_encryption_configuration.workshop","mode":"managed","type":"aws_s3_bucket_server_side_encryption_configuration","name":"workshop","provider_name":"registry.terraform.io/hashicorp/aws","schema_version":0,"values":{"expected_bucket_owner":null,"rule":[{"apply_server_side_encryption_by_default":[{"kms_master_key_id":"","sse_algorithm":"AES256"}],"bucket_key_enabled":null}]},"sensitive_values":{"rule":[{"apply_server_side_encryption_by_default":[{}]}]}},{"address":"aws_s3_bucket_versioning.workshop","mode":"managed","type":"aws_s3_bucket_versioning","name":"workshop","provider_name":"registry.terraform.io/hashicorp/aws","schema_version":0,"values":{"expected_bucket_owner":null,"mfa":null,"versioning_configuration":[{"status":"Enabled"}]},"sensitive_values":{"versioning_configuration":[{}]}},{"address":"aws_s3_object.sample_image","mode":"managed","type":"aws_s3_object","name":"sample_image","provider_name":"registry.terraform.io/hashicorp/aws","schema_version":0,"values":{"cache_control":null,"checksum_algorithm":null,"content":"placeholder","content_base64":null,"content_disposition":null,"content_encoding":null,"content_language":null,"content_type":"image/jpeg","force_destroy":false,"key":"images/lp1.jpeg","metadata":null,"object_lock_legal_hold_status":null,"object_lock_mode":null,"object_lock_retain_until_date":null,"override_provider":[],"source":null,"source_hash":null,"tags":null,"tags_all":{"Managed":"terraform","Project":"aws-boto3-workshop"},"website_redirect":null},"sensitive_values":{"override_provider":[],"tags_all":{}}},{"address":"random_id.bucket_suffix","mode":"managed","type":"random_id","name":"bucket_suffix","provider_name":"registry.terraform.io/hashicorp/random","schema_version":0,"values":{"byte_length":4,"keepers":null,"prefix":null},"sensitive_values":{}}]}},"resource_changes":[{"address":"aws_s3_bucket.workshop","mode":"managed","type":"aws_s3_bucket","name":"workshop","provider_name":"registry.terraform.io/hashicorp/aws","change":{"actions":["create"],"before":null,"after":{"force_destroy":true,"tags":null,"tags_all":{"Managed":"terraform","Project":"aws-boto3-workshop"},"timeouts":null},"after_unknown":{"acceleration_status":true,"acl":true,"arn":true,"bucket":true,"bucket_domain_name":true,"bucket_prefix":true,"bucket_regional_domain_name":true,"cors_rule":true,"grant":true,"hosted_zone_id":true,"id":true,"lifecycle_rule":true,"logging":true,"object_lock_configuration":true,"object_lock_enabled":true,"policy":true,"region":true,"replication_configuration":true,"request_payer":true,"server_side_encryption_configuration":true,"tags_all":{},"versioning":true,"website":true,"website_domain":true,"website_endpoint":true},"before_sensitive":false,"after_sensitive":{"cors_rule":[],"grant":[],"lifecycle_rule":[],"logging":[],"object_lock_configuration":[],"replication_configuration":[],"server_side_encryption_configuration":[],"tags_all":{},"versioning":[],"website":[]}}},{"address":"aws_s3_bucket_ownership_controls.workshop","mode":"managed","type":"aws_s3_bucket_ownership_controls","name":"workshop","provider_name":"registry.terraform.io/hashicorp/aws","change":{"actions":["create"],"before":null,"after":{"rule":[{"object_ownership":"BucketOwnerEnforced"}]},"after_unknown":{"bucket":true,"id":true,"rule":[{}]},"before_sensitive":false,"after_sensitive":{"rule":[{}]}}},{"address":"aws_s3_bucket_public_access_block.workshop","mode":"managed","type":"aws_s3_bucket_public_access_block","name":"workshop","provider_name":"registry.terraform.io/hashicorp/aws","change":{"actions":["create"],"before":null,"after":{"block_public_acls":true,"block_public_policy":true,"ignore_public_acls":true,"restrict_public_buckets":true},"after_unknown":{"bucket":true,"id":true},"before_sensitive":false,"after_sensitive":{}}},{"address":"aws_s3_bucket_server_side_encryption_configuration.workshop","mode":"managed","type":"aws_s3_bucket_server_side_encryption_configuration","name":"workshop","provider_name":"registry.terraform.io/hashicorp/aws","change":{"actions":["create"],"before":null,"after":{"expected_bucket_owner":null,"rule":[{"apply_server_side_encryption_by_default":[{"kms_master_key_id":"","sse_algorithm":"AES256"}],"bucket_key_enabled":null}]},"after_unknown":{"bucket":true,"id":true,"rule":[{"apply_server_side_encryption_by_default":[{}]}]},"before_sensitive":false,"after_sensitive":{"rule":[{"apply_server_side_encryption_by_default":[{}]}]}}},{"address":"aws_s3_bucket_versioning.workshop","mode":"managed","type":"aws_s3_bucket_versioning","name":"workshop","provider_name":"registry.terraform.io/hashicorp/aws","change":{"actions":["create"],"before":null,"after":{"expected_bucket_owner":null,"mfa":null,"versioning_configuration":[{"status":"Enabled"}]},"after_unknown":{"bucket":true,"id":true,"versioning_configuration":[{"mfa_delete":true}]},"before_sensitive":false,"after_sensitive":{"versioning_configuration":[{}]}}},{"address":"aws_s3_object.sample_image","mode":"managed","type":"aws_s3_object","name":"sample_image","provider_name":"registry.terraform.io/hashicorp/aws","change":{"actions":["create"],"before":null,"after":{"cache_control":null,"checksum_algorithm":null,"content":"placeholder","content_base64":null,"content_disposition":null,"content_encoding":null,"content_language":null,"content_type":"image/jpeg","force_destroy":false,"key":"images/lp1.jpeg","metadata":null,"object_lock_legal_hold_status":null,"object_lock_mode":null,"object_lock_retain_until_date":null,"override_provider":[],"source":null,"source_hash":null,"tags":null,"tags_all":{"Managed":"terraform","Project":"aws-boto3-workshop"},"website_redirect":null},"after_unknown":{"acl":true,"arn":true,"bucket":true,"bucket_key_enabled":true,"checksum_crc32":true,"checksum_crc32c":true,"checksum_crc64nvme":true,"checksum_sha1":true,"checksum_sha256":true,"etag":true,"id":true,"kms_key_id":true,"override_provider":[],"server_side_encryption":true,"storage_class":true,"tags_all":{},"version_id":true},"before_sensitive":false,"after_sensitive":{"override_provider":[],"tags_all":{}}}},{"address":"random_id.bucket_suffix","mode":"managed","type":"random_id","name":"bucket_suffix","provider_name":"registry.terraform.io/hashicorp/random","change":{"actions":["create"],"before":null,"after":{"byte_length":4,"keepers":null,"prefix":null},"after_unknown":{"b64_std":true,"b64_url":true,"dec":true,"hex":true,"id":true},"before_sensitive":false,"after_sensitive":{}}}],"output_changes":{"s3_bucket_name":{"actions":["create"],"before":null,"after_unknown":true,"before_sensitive":false,"after_sensitive":false},"sample_object_key":{"actions":["create"],"before":null,"after":"images/lp1.jpeg","after_unknown":false,"before_sensitive":false,"after_sensitive":false}},"prior_state":{"format_version":"1.0","terraform_version":"1.13.5","values":{"outputs":{"sample_object_key":{"sensitive":false,"value":"images/lp1.jpeg","type":"string"}},"root_module":{}}},"configuration":{"provider_config":{"aws":{"name":"aws","full_name":"registry.terraform.io/hashicorp/aws","version_constraint":"~\u003e 5.0","expressions":{"default_tags":[{"tags":{"references":["var.app_name"]}}],"region":{"references":["var.aws_region"]}}},"random":{"name":"random","full_name":"registry.terraform.io/hashicorp/random","version_constraint":"~\u003e 3.6"}},"root_module":{"outputs":{"s3_bucket_name":{"expression":{"references":["aws_s3_bucket.workshop.bucket","aws_s3_bucket.workshop"]},"description":"S3 bucket name to use in the boto3 workshop scripts."},"sample_object_key":{"expression":{"references":["aws_s3_object.sample_image.key","aws_s3_object.sample_image"]},"description":"Example object key created in the bucket."}},"resources":[{"address":"aws_s3_bucket.workshop","mode":"managed","type":"aws_s3_bucket","name":"workshop","provider_config_key":"aws","expressions":{"bucket":{"references":["var.bucket_name_prefix","random_id.bucket_suffix.hex","random_id.bucket_suffix"]},"force_destroy":{"constant_value":true}},"schema_version":0},{"address":"aws_s3_bucket_ownership_controls.workshop","mode":"managed","type":"aws_s3_bucket_ownership_controls","name":"workshop","provider_config_key":"aws","expressions":{"bucket":{"references":["aws_s3_bucket.workshop.id","aws_s3_bucket.workshop"]},"rule":[{"object_ownership":{"constant_value":"BucketOwnerEnforced"}}]},"schema_version":0},{"address":"aws_s3_bucket_public_access_block.workshop","mode":"managed","type":"aws_s3_bucket_public_access_block","name":"workshop","provider_config_key":"aws","expressions":{"block_public_acls":{"constant_value":true},"block_public_policy":{"constant_value":true},"bucket":{"references":["aws_s3_bucket.workshop.id","aws_s3_bucket.workshop"]},"ignore_public_acls":{"constant_value":true},"restrict_public_buckets":{"constant_value":true}},"schema_version":0},{"address":"aws_s3_bucket_server_side_encryption_configuration.workshop","mode":"managed","type":"aws_s3_bucket_server_side_encryption_configuration","name":"workshop","provider_config_key":"aws","expressions":{"bucket":{"references":["aws_s3_bucket.workshop.id","aws_s3_bucket.workshop"]},"rule":[{"apply_server_side_encryption_by_default":[{"sse_algorithm":{"constant_value":"AES256"}}]}]},"schema_version":0},{"address":"aws_s3_bucket_versioning.workshop","mode":"managed","type":"aws_s3_bucket_versioning","name":"workshop","provider_config_key":"aws","expressions":{"bucket":{"references":["aws_s3_bucket.workshop.id","aws_s3_bucket.workshop"]},"versioning_configuration":[{"status":{"constant_value":"Enabled"}}]},"schema_version":0},{"address":"aws_s3_object.sample_image","mode":"managed","type":"aws_s3_object","name":"sample_image","provider_config_key":"aws","expressions":{"bucket":{"references":["aws_s3_bucket.workshop.id","aws_s3_bucket.workshop"]},"content":{"constant_value":"placeholder"},"content_type":{"constant_value":"image/jpeg"},"key":{"constant_value":"images/lp1.jpeg"}},"schema_version":0,"depends_on":["aws_s3_bucket_ownership_controls.workshop"]},{"address":"random_id.bucket_suffix","mode":"managed","type":"random_id","name":"bucket_suffix","provider_config_key":"random","expressions":{"byte_length":{"constant_value":4}},"schema_version":0}],"variables":{"app_name":{"default":"aws-boto3-workshop","description":"Application/workshop name used for resource naming."},"aws_region":{"default":"us-east-1","description":"AWS region to deploy into."},"bucket_name_prefix":{"default":"s3-bucket-workshop","description":"Prefix for the S3 bucket name. A random suffix will be appended to ensure global uniqueness."}}}},"relevant_attributes":[{"resource":"aws_s3_bucket.workshop","attribute":["bucket"]},{"resource":"aws_s3_bucket.workshop","attribute":["id"]},{"resource":"random_id.bucket_suffix","attribute":["hex"]},{"resource":"aws_s3_object.sample_image","attribute":["key"]}],"timestamp":"2026-01-27T01:00:56Z","applyable":true,"complete":true,"errored":false}
