data.archive_file.lambda_dummy: Reading...
data.archive_file.lambda_dummy: Read complete after 0s [id=58e93fade67637870be5af38eff8d5aa66c7da49]

Terraform used the selected providers to generate the following execution
plan. Resource actions are indicated with the following symbols:
  + create

Terraform planned the following actions, but then encountered a problem:

  # aws_cloudwatch_log_group.lambda will be created
  + resource "aws_cloudwatch_log_group" "lambda" {
      + arn               = (known after apply)
      + id                = (known after apply)
      + log_group_class   = (known after apply)
      + name              = "/aws/lambda/reminder-bot-lambda"
      + name_prefix       = (known after apply)
      + retention_in_days = 30
      + skip_destroy      = false
      + tags_all          = {
          + "Environment" = "prod"
          + "ManagedBy"   = "terraform"
          + "Project"     = "reminder-bot"
        }
    }

  # aws_iam_role.lambda_exec will be created
  + resource "aws_iam_role" "lambda_exec" {
      + arn                   = (known after apply)
      + assume_role_policy    = jsonencode(
            {
              + Statement = [
                  + {
                      + Action    = "sts:AssumeRole"
                      + Effect    = "Allow"
                      + Principal = {
                          + Service = "lambda.amazonaws.com"
                        }
                    },
                ]
              + Version   = "2012-10-17"
            }
        )
      + create_date           = (known after apply)
      + force_detach_policies = false
      + id                    = (known after apply)
      + managed_policy_arns   = (known after apply)
      + max_session_duration  = 3600
      + name                  = "reminder-bot-prod-lambda-exec"
      + name_prefix           = (known after apply)
      + path                  = "/"
      + tags_all              = {
          + "Environment" = "prod"
          + "ManagedBy"   = "terraform"
          + "Project"     = "reminder-bot"
        }
      + unique_id             = (known after apply)

      + inline_policy (known after apply)
    }

  # aws_iam_role.scheduler_invoke will be created
  + resource "aws_iam_role" "scheduler_invoke" {
      + arn                   = (known after apply)
      + assume_role_policy    = jsonencode(
            {
              + Statement = [
                  + {
                      + Action    = "sts:AssumeRole"
                      + Effect    = "Allow"
                      + Principal = {
                          + Service = "scheduler.amazonaws.com"
                        }
                    },
                ]
              + Version   = "2012-10-17"
            }
        )
      + create_date           = (known after apply)
      + force_detach_policies = false
      + id                    = (known after apply)
      + managed_policy_arns   = (known after apply)
      + max_session_duration  = 3600
      + name                  = "reminder-bot-prod-scheduler-invoke"
      + name_prefix           = (known after apply)
      + path                  = "/"
      + tags_all              = {
          + "Environment" = "prod"
          + "ManagedBy"   = "terraform"
          + "Project"     = "reminder-bot"
        }
      + unique_id             = (known after apply)

      + inline_policy (known after apply)
    }

  # aws_iam_role_policy.lambda_exec_inline will be created
  + resource "aws_iam_role_policy" "lambda_exec_inline" {
      + id          = (known after apply)
      + name        = "reminder-bot-prod-lambda-exec"
      + name_prefix = (known after apply)
      + policy      = (known after apply)
      + role        = (known after apply)
    }

  # aws_secretsmanager_secret.telegram_bot_token will be created
  + resource "aws_secretsmanager_secret" "telegram_bot_token" {
      + arn                            = (known after apply)
      + force_overwrite_replica_secret = false
      + id                             = (known after apply)
      + name                           = "reminder-bot-prod/telegram/bot_token"
      + name_prefix                    = (known after apply)
      + policy                         = (known after apply)
      + recovery_window_in_days        = 7
      + tags_all                       = {
          + "Environment" = "prod"
          + "ManagedBy"   = "terraform"
          + "Project"     = "reminder-bot"
        }

      + replica (known after apply)
    }

  # aws_secretsmanager_secret_version.telegram_bot_token will be created
  + resource "aws_secretsmanager_secret_version" "telegram_bot_token" {
      + arn                  = (known after apply)
      + has_secret_string_wo = (known after apply)
      + id                   = (known after apply)
      + secret_id            = (known after apply)
      + secret_string        = (sensitive value)
      + secret_string_wo     = (write-only attribute)
      + version_id           = (known after apply)
      + version_stages       = (known after apply)
    }

  # aws_ssm_parameter.end_month_message will be created
  + resource "aws_ssm_parameter" "end_month_message" {
      + arn            = (known after apply)
      + data_type      = (known after apply)
      + has_value_wo   = (known after apply)
      + id             = (known after apply)
      + insecure_value = (known after apply)
      + key_id         = (known after apply)
      + name           = "/reminder-bot-prod/messages/end_month"
      + tags_all       = {
          + "Environment" = "prod"
          + "ManagedBy"   = "terraform"
          + "Project"     = "reminder-bot"
        }
      + tier           = (known after apply)
      + type           = "String"
      + value          = (sensitive value)
      + value_wo       = (write-only attribute)
      + version        = (known after apply)
    }

  # aws_ssm_parameter.half_month_message will be created
  + resource "aws_ssm_parameter" "half_month_message" {
      + arn            = (known after apply)
      + data_type      = (known after apply)
      + has_value_wo   = (known after apply)
      + id             = (known after apply)
      + insecure_value = (known after apply)
      + key_id         = (known after apply)
      + name           = "/reminder-bot-prod/messages/half_month"
      + tags_all       = {
          + "Environment" = "prod"
          + "ManagedBy"   = "terraform"
          + "Project"     = "reminder-bot"
        }
      + tier           = (known after apply)
      + type           = "String"
      + value          = (sensitive value)
      + value_wo       = (write-only attribute)
      + version        = (known after apply)
    }

  # aws_ssm_parameter.telegram_chat_id will be created
  + resource "aws_ssm_parameter" "telegram_chat_id" {
      + arn            = (known after apply)
      + data_type      = (known after apply)
      + has_value_wo   = (known after apply)
      + id             = (known after apply)
      + insecure_value = (known after apply)
      + key_id         = (known after apply)
      + name           = "/reminder-bot-prod/telegram/chat_id"
      + tags_all       = {
          + "Environment" = "prod"
          + "ManagedBy"   = "terraform"
          + "Project"     = "reminder-bot"
        }
      + tier           = (known after apply)
      + type           = "String"
      + value          = (sensitive value)
      + value_wo       = (write-only attribute)
      + version        = (known after apply)
    }

Plan: 9 to add, 0 to change, 0 to destroy.

Changes to Outputs:
  + ssm_parameter_names           = {
      + chat_id            = "/reminder-bot-prod/telegram/chat_id"
      + end_month_message  = "/reminder-bot-prod/messages/end_month"
      + half_month_message = "/reminder-bot-prod/messages/half_month"
    }
  + telegram_bot_token_secret_arn = (known after apply)
