data.aws_caller_identity.current: Reading...
data.aws_region.current: Reading...
data.aws_region.current: Read complete after 0s [id=us-east-1]
data.aws_caller_identity.current: Read complete after 0s [id=000000000000]

Terraform used the selected providers to generate the following execution
plan. Resource actions are indicated with the following symbols:
  + create

Terraform will perform the following actions:

  # helm_release.metrics_server will be created
  + resource "helm_release" "metrics_server" {
      + atomic                     = false
      + chart                      = "metrics-server"
      + cleanup_on_fail            = false
      + create_namespace           = true
      + dependency_update          = false
      + disable_crd_hooks          = false
      + disable_openapi_validation = false
      + disable_webhooks           = false
      + force_update               = false
      + id                         = (known after apply)
      + lint                       = false
      + manifest                   = (known after apply)
      + max_history                = 0
      + metadata                   = (known after apply)
      + name                       = "metrics-server"
      + namespace                  = "kube-system"
      + pass_credentials           = false
      + recreate_pods              = false
      + render_subchart_notes      = true
      + replace                    = false
      + repository                 = "https://kubernetes-sigs.github.io/metrics-server/"
      + reset_values               = false
      + reuse_values               = false
      + skip_crds                  = false
      + status                     = "deployed"
      + timeout                    = 300
      + values                     = [
          + <<-EOT
                "affinity":
                  "enabled": true
                  "selector": "general"
            EOT,
        ]
      + verify                     = false
      + version                    = "3.12.1"
      + wait                       = true
      + wait_for_jobs              = false
    }

Plan: 1 to add, 0 to change, 0 to destroy.

Changes to Outputs:
  + aws_account_id         = "000000000000"
  + aws_region             = "us-east-1"
  + helm_release_name      = "metrics-server"
  + helm_release_namespace = "kube-system"
helm_release.metrics_server: Creating...
helm_release.metrics_server: Still creating... [00m10s elapsed]
helm_release.metrics_server: Still creating... [00m20s elapsed]
helm_release.metrics_server: Still creating... [00m30s elapsed]
helm_release.metrics_server: Still creating... [00m40s elapsed]
helm_release.metrics_server: Still creating... [00m50s elapsed]
helm_release.metrics_server: Still creating... [01m00s elapsed]
helm_release.metrics_server: Still creating... [01m10s elapsed]
helm_release.metrics_server: Still creating... [01m20s elapsed]
helm_release.metrics_server: Still creating... [01m30s elapsed]
helm_release.metrics_server: Still creating... [01m40s elapsed]
helm_release.metrics_server: Still creating... [01m50s elapsed]
helm_release.metrics_server: Still creating... [02m00s elapsed]
helm_release.metrics_server: Still creating... [02m10s elapsed]
helm_release.metrics_server: Still creating... [02m20s elapsed]
helm_release.metrics_server: Still creating... [02m30s elapsed]
helm_release.metrics_server: Still creating... [02m40s elapsed]
helm_release.metrics_server: Still creating... [02m50s elapsed]
