{"format_version":"1.2","terraform_version":"1.13.5","variables":{"affinity":{"value":{"enabled":true,"selector":"general"}},"app_name":{"value":"nebari-metrics-server"},"aws_region":{"value":"us-east-1"},"kubeconfig_path":{"value":"~/.kube/config"},"name":{"value":"metrics-server"},"namespace":{"value":"kube-system"},"overrides":{"value":{}}},"planned_values":{"outputs":{"aws_account_id":{"sensitive":false,"type":"string","value":"000000000000"},"aws_region":{"sensitive":false,"type":"string","value":"us-east-1"},"helm_release_name":{"sensitive":false,"type":"string","value":"metrics-server"},"helm_release_namespace":{"sensitive":false,"type":"string","value":"kube-system"}},"root_module":{"resources":[{"address":"helm_release.metrics_server","mode":"managed","type":"helm_release","name":"metrics_server","provider_name":"registry.terraform.io/hashicorp/helm","schema_version":1,"values":{"atomic":false,"chart":"metrics-server","cleanup_on_fail":false,"create_namespace":true,"dependency_update":false,"description":null,"devel":null,"disable_crd_hooks":false,"disable_openapi_validation":false,"disable_webhooks":false,"force_update":false,"keyring":null,"lint":false,"max_history":0,"name":"metrics-server","namespace":"kube-system","pass_credentials":false,"postrender":[],"recreate_pods":false,"render_subchart_notes":true,"replace":false,"repository":"https://kubernetes-sigs.github.io/metrics-server/","repository_ca_file":null,"repository_cert_file":null,"repository_key_file":null,"repository_password":null,"repository_username":null,"reset_values":false,"reuse_values":false,"set":[],"set_list":[],"set_sensitive":[],"skip_crds":false,"status":"deployed","timeout":300,"values":["\"affinity\":\n  \"enabled\": true\n  \"selector\": \"general\"\n"],"verify":false,"version":"3.12.1","wait":true,"wait_for_jobs":false},"sensitive_values":{"metadata":[],"postrender":[],"repository_password":true,"set":[],"set_list":[],"set_sensitive":[],"values":[false]}}]}},"resource_changes":[{"address":"helm_release.metrics_server","mode":"managed","type":"helm_release","name":"metrics_server","provider_name":"registry.terraform.io/hashicorp/helm","change":{"actions":["create"],"before":null,"after":{"atomic":false,"chart":"metrics-server","cleanup_on_fail":false,"create_namespace":true,"dependency_update":false,"description":null,"devel":null,"disable_crd_hooks":false,"disable_openapi_validation":false,"disable_webhooks":false,"force_update":false,"keyring":null,"lint":false,"max_history":0,"name":"metrics-server","namespace":"kube-system","pass_credentials":false,"postrender":[],"recreate_pods":false,"render_subchart_notes":true,"replace":false,"repository":"https://kubernetes-sigs.github.io/metrics-server/","repository_ca_file":null,"repository_cert_file":null,"repository_key_file":null,"repository_password":null,"repository_username":null,"reset_values":false,"reuse_values":false,"set":[],"set_list":[],"set_sensitive":[],"skip_crds":false,"status":"deployed","timeout":300,"values":["\"affinity\":\n  \"enabled\": true\n  \"selector\": \"general\"\n"],"verify":false,"version":"3.12.1","wait":true,"wait_for_jobs":false},"after_unknown":{"id":true,"manifest":true,"metadata":true,"postrender":[],"set":[],"set_list":[],"set_sensitive":[],"values":[false]},"before_sensitive":false,"after_sensitive":{"metadata":[],"postrender":[],"repository_password":true,"set":[],"set_list":[],"set_sensitive":[],"values":[false]}}}],"output_changes":{"aws_account_id":{"actions":["create"],"before":null,"after":"000000000000","after_unknown":false,"before_sensitive":false,"after_sensitive":false},"aws_region":{"actions":["create"],"before":null,"after":"us-east-1","after_unknown":false,"before_sensitive":false,"after_sensitive":false},"helm_release_name":{"actions":["create"],"before":null,"after":"metrics-server","after_unknown":false,"before_sensitive":false,"after_sensitive":false},"helm_release_namespace":{"actions":["create"],"before":null,"after":"kube-system","after_unknown":false,"before_sensitive":false,"after_sensitive":false}},"prior_state":{"format_version":"1.0","terraform_version":"1.13.5","values":{"outputs":{"aws_account_id":{"sensitive":false,"value":"000000000000","type":"string"},"aws_region":{"sensitive":false,"value":"us-east-1","type":"string"},"helm_release_name":{"sensitive":false,"value":"metrics-server","type":"string"},"helm_release_namespace":{"sensitive":false,"value":"kube-system","type":"string"}},"root_module":{"resources":[{"address":"data.aws_caller_identity.current","mode":"data","type":"aws_caller_identity","name":"current","provider_name":"registry.terraform.io/hashicorp/aws","schema_version":0,"values":{"account_id":"000000000000","arn":"arn:aws:iam::000000000000:root","id":"000000000000","user_id":"AKIAIOSFODNN7EXAMPLE"},"sensitive_values":{}},{"address":"data.aws_region.current","mode":"data","type":"aws_region","name":"current","provider_name":"registry.terraform.io/hashicorp/aws","schema_version":0,"values":{"description":"US East (N. Virginia)","endpoint":"ec2.us-east-1.amazonaws.com","id":"us-east-1","name":"us-east-1","region":"us-east-1"},"sensitive_values":{}}]}}},"configuration":{"provider_config":{"aws":{"name":"aws","full_name":"registry.terraform.io/hashicorp/aws","version_constraint":"~\u003e 6.28","expressions":{"region":{"references":["var.aws_region"]}}},"helm":{"name":"helm","full_name":"registry.terraform.io/hashicorp/helm","version_constraint":"2.10.1","expressions":{"kubernetes":[{"config_path":{"references":["var.kubeconfig_path"]}}]}}},"root_module":{"outputs":{"aws_account_id":{"expression":{"references":["data.aws_caller_identity.current.account_id","data.aws_caller_identity.current"]},"description":"AWS account id (useful for debugging/verification)."},"aws_region":{"expression":{"references":["data.aws_region.current.id","data.aws_region.current"]},"description":"AWS region in use."},"helm_release_name":{"expression":{"references":["helm_release.metrics_server.name","helm_release.metrics_server"]},"description":"Deployed Helm release name."},"helm_release_namespace":{"expression":{"references":["helm_release.metrics_server.namespace","helm_release.metrics_server"]},"description":"Namespace where metrics-server is deployed."}},"resources":[{"address":"helm_release.metrics_server","mode":"managed","type":"helm_release","name":"metrics_server","provider_config_key":"helm","expressions":{"chart":{"constant_value":"metrics-server"},"create_namespace":{"constant_value":true},"name":{"references":["var.name"]},"namespace":{"references":["var.namespace"]},"repository":{"constant_value":"https://kubernetes-sigs.github.io/metrics-server/"},"values":{"references":["local.merged_values"]},"version":{"constant_value":"3.12.1"}},"schema_version":1},{"address":"data.aws_caller_identity.current","mode":"data","type":"aws_caller_identity","name":"current","provider_config_key":"aws","schema_version":0},{"address":"data.aws_region.current","mode":"data","type":"aws_region","name":"current","provider_config_key":"aws","schema_version":0}],"variables":{"affinity":{"default":{"enabled":true,"selector":"general"},"description":"Affinity configuration passed into the chart values."},"app_name":{"default":"nebari-metrics-server","description":"Name prefix for resources created by this Terraform configuration."},"aws_region":{"default":"us-east-1","description":"AWS region (used for any AWS data sources/resources; kept for compatibility with Nebari stages)."},"kubeconfig_path":{"default":"~/.kube/config","description":"Path to kubeconfig used by the Helm provider."},"name":{"default":"metrics-server","description":"Helm release name for metrics-server."},"namespace":{"default":"kube-system","description":"Kubernetes namespace to deploy metrics-server into."},"overrides":{"default":{},"description":"Arbitrary Helm values overrides (merged on top of defaults)."}}}},"relevant_attributes":[{"resource":"data.aws_caller_identity.current","attribute":["account_id"]},{"resource":"data.aws_region.current","attribute":["id"]},{"resource":"helm_release.metrics_server","attribute":["namespace"]},{"resource":"helm_release.metrics_server","attribute":["name"]}],"timestamp":"2026-01-27T07:12:43Z","applyable":true,"complete":true,"errored":false}
