{"format_version":"1.2","terraform_version":"1.13.5","variables":{"aws_access_key":{"value":""},"aws_secret_key":{"value":""},"s3_bucket_arn":{"value":"*"}},"planned_values":{"root_module":{"resources":[{"address":"aws_cloudwatch_event_rule.every_hour","mode":"managed","type":"aws_cloudwatch_event_rule","name":"every_hour","provider_name":"registry.terraform.io/hashicorp/aws","schema_version":1,"values":{"description":"Simple CloudWatch Event rule that triggers every hour","event_bus_name":"default","event_pattern":null,"force_destroy":false,"is_enabled":null,"name":"execute-every-hour","region":"us-west-2","role_arn":null,"schedule_expression":"rate(1 hour)","state":null,"tags":null,"tags_all":{"ManagedBy":"Terraform","environment":"default","workspace":"default"}},"sensitive_values":{"tags_all":{}},"identity_schema_version":0,"identity":{"account_id":null,"name":null,"region":null}},{"address":"aws_cloudwatch_event_target.check_lambda_every_hour","mode":"managed","type":"aws_cloudwatch_event_target","name":"check_lambda_every_hour","provider_name":"registry.terraform.io/hashicorp/aws","schema_version":1,"values":{"appsync_target":[],"batch_target":[],"dead_letter_config":[],"ecs_target":[],"event_bus_name":"default","force_destroy":false,"http_target":[],"input":null,"input_path":null,"input_transformer":[],"kinesis_target":[],"redshift_target":[],"region":"us-west-2","retry_policy":[],"role_arn":null,"rule":"execute-every-hour","run_command_targets":[],"sagemaker_pipeline_target":[],"sqs_target":[],"target_id":"delta-optimize"},"sensitive_values":{"appsync_target":[],"batch_target":[],"dead_letter_config":[],"ecs_target":[],"http_target":[],"input_transformer":[],"kinesis_target":[],"redshift_target":[],"retry_policy":[],"run_command_targets":[],"sagemaker_pipeline_target":[],"sqs_target":[]},"identity_schema_version":0,"identity":{"account_id":null,"event_bus_name":null,"region":null,"rule":null,"target_id":null}},{"address":"aws_dynamodb_table.delta-locking-table","mode":"managed","type":"aws_dynamodb_table","name":"delta-locking-table","provider_name":"registry.terraform.io/hashicorp/aws","schema_version":1,"values":{"attribute":[{"name":"key","type":"S"}],"billing_mode":"PROVISIONED","deletion_protection_enabled":null,"global_secondary_index":[],"hash_key":"key","import_table":[],"local_secondary_index":[],"name":"delta_rs_lock_table","on_demand_throughput":[],"range_key":null,"read_capacity":10,"region":"us-west-2","replica":[],"restore_date_time":null,"restore_source_name":null,"restore_source_table_arn":null,"restore_to_latest_time":null,"stream_enabled":null,"table_class":null,"tags":null,"tags_all":{"ManagedBy":"Terraform","environment":"default","workspace":"default"},"timeouts":null,"write_capacity":10},"sensitive_values":{"attribute":[{}],"global_secondary_index":[],"global_table_witness":[],"import_table":[],"local_secondary_index":[],"on_demand_throughput":[],"point_in_time_recovery":[],"replica":[],"server_side_encryption":[],"tags_all":{},"ttl":[],"warm_throughput":[]}},{"address":"aws_iam_policy.lambda_permissions","mode":"managed","type":"aws_iam_policy","name":"lambda_permissions","provider_name":"registry.terraform.io/hashicorp/aws","schema_version":0,"values":{"description":null,"name":"lambda-optimize-permissions","path":"/","tags":null,"tags_all":{"ManagedBy":"Terraform","environment":"default","workspace":"default"}},"sensitive_values":{"tags_all":{}},"identity_schema_version":0,"identity":{"arn":null}},{"address":"aws_iam_role.iam_for_lambda","mode":"managed","type":"aws_iam_role","name":"iam_for_lambda","provider_name":"registry.terraform.io/hashicorp/aws","schema_version":0,"values":{"assume_role_policy":"{\"Statement\":[{\"Action\":\"sts:AssumeRole\",\"Effect\":\"Allow\",\"Principal\":{\"Service\":\"lambda.amazonaws.com\"}}],\"Version\":\"2012-10-17\"}","description":null,"force_detach_policies":false,"max_session_duration":3600,"name":"iam_for_optimize_lambda","path":"/","permissions_boundary":null,"tags":null,"tags_all":{"ManagedBy":"Terraform","environment":"default","workspace":"default"}},"sensitive_values":{"inline_policy":[],"managed_policy_arns":[],"tags_all":{}},"identity_schema_version":0,"identity":{"account_id":null,"name":null}},{"address":"aws_lambda_function.optimize_lambda","mode":"managed","type":"aws_lambda_function","name":"optimize_lambda","provider_name":"registry.terraform.io/hashicorp/aws","schema_version":0,"values":{"capacity_provider_config":[],"code_signing_config_arn":null,"dead_letter_config":[],"description":"A simple lambda for optimizing a Delta table","durable_config":[],"environment":[{"variables":{"AWS_S3_LOCKING_PROVIDER":"dynamodb","DATALAKE_LOCATION":"s3://my-bucket/databases/my-table","OPTIMIZE_DS":"yesterday","RUST_LOG":"info"}}],"file_system_config":[],"filename":"./.dummy/lambda.zip","function_name":"delta-optimize","handler":"provided","image_config":[],"image_uri":null,"kms_key_arn":null,"layers":null,"memory_size":128,"package_type":"Zip","publish":false,"publish_to":null,"region":"us-west-2","replace_security_groups_on_destroy":null,"replacement_security_group_ids":null,"reserved_concurrent_executions":-1,"runtime":"provided.al2","s3_bucket":null,"s3_key":null,"s3_object_version":null,"skip_destroy":false,"snap_start":[],"source_kms_key_arn":null,"tags":null,"tags_all":{"ManagedBy":"Terraform","environment":"default","workspace":"default"},"tenancy_config":[],"timeout":3,"timeouts":null,"vpc_config":[]},"sensitive_values":{"architectures":[],"capacity_provider_config":[],"dead_letter_config":[],"durable_config":[],"environment":[{"variables":{}}],"ephemeral_storage":[],"file_system_config":[],"image_config":[],"logging_config":[],"snap_start":[],"tags_all":{},"tenancy_config":[],"tracing_config":[],"vpc_config":[]},"identity_schema_version":0,"identity":{"account_id":null,"function_name":null,"region":null}},{"address":"aws_lambda_permission.allow_cloudwatch_to_call_function","mode":"managed","type":"aws_lambda_permission","name":"allow_cloudwatch_to_call_function","provider_name":"registry.terraform.io/hashicorp/aws","schema_version":0,"values":{"action":"lambda:InvokeFunction","event_source_token":null,"function_name":"delta-optimize","function_url_auth_type":null,"principal":"events.amazonaws.com","principal_org_id":null,"qualifier":null,"region":"us-west-2","source_account":null,"statement_id":"AllowExecutionFromCloudWatch"},"sensitive_values":{},"identity_schema_version":0,"identity":{"account_id":null,"function_name":null,"qualifier":null,"region":null,"statement_id":null}}]}},"resource_changes":[{"address":"aws_cloudwatch_event_rule.every_hour","mode":"managed","type":"aws_cloudwatch_event_rule","name":"every_hour","provider_name":"registry.terraform.io/hashicorp/aws","change":{"actions":["create"],"before":null,"after":{"description":"Simple CloudWatch Event rule that triggers every hour","event_bus_name":"default","event_pattern":null,"force_destroy":false,"is_enabled":null,"name":"execute-every-hour","region":"us-west-2","role_arn":null,"schedule_expression":"rate(1 hour)","state":null,"tags":null,"tags_all":{"ManagedBy":"Terraform","environment":"default","workspace":"default"}},"after_unknown":{"arn":true,"id":true,"name_prefix":true,"tags_all":{}},"before_sensitive":false,"after_sensitive":{"tags_all":{}},"after_identity":{"account_id":null,"name":null,"region":null}}},{"address":"aws_cloudwatch_event_target.check_lambda_every_hour","mode":"managed","type":"aws_cloudwatch_event_target","name":"check_lambda_every_hour","provider_name":"registry.terraform.io/hashicorp/aws","change":{"actions":["create"],"before":null,"after":{"appsync_target":[],"batch_target":[],"dead_letter_config":[],"ecs_target":[],"event_bus_name":"default","force_destroy":false,"http_target":[],"input":null,"input_path":null,"input_transformer":[],"kinesis_target":[],"redshift_target":[],"region":"us-west-2","retry_policy":[],"role_arn":null,"rule":"execute-every-hour","run_command_targets":[],"sagemaker_pipeline_target":[],"sqs_target":[],"target_id":"delta-optimize"},"after_unknown":{"appsync_target":[],"arn":true,"batch_target":[],"dead_letter_config":[],"ecs_target":[],"http_target":[],"id":true,"input_transformer":[],"kinesis_target":[],"redshift_target":[],"retry_policy":[],"run_command_targets":[],"sagemaker_pipeline_target":[],"sqs_target":[]},"before_sensitive":false,"after_sensitive":{"appsync_target":[],"batch_target":[],"dead_letter_config":[],"ecs_target":[],"http_target":[],"input_transformer":[],"kinesis_target":[],"redshift_target":[],"retry_policy":[],"run_command_targets":[],"sagemaker_pipeline_target":[],"sqs_target":[]},"after_identity":{"account_id":null,"event_bus_name":null,"region":null,"rule":null,"target_id":null}}},{"address":"aws_dynamodb_table.delta-locking-table","mode":"managed","type":"aws_dynamodb_table","name":"delta-locking-table","provider_name":"registry.terraform.io/hashicorp/aws","change":{"actions":["create"],"before":null,"after":{"attribute":[{"name":"key","type":"S"}],"billing_mode":"PROVISIONED","deletion_protection_enabled":null,"global_secondary_index":[],"hash_key":"key","import_table":[],"local_secondary_index":[],"name":"delta_rs_lock_table","on_demand_throughput":[],"range_key":null,"read_capacity":10,"region":"us-west-2","replica":[],"restore_date_time":null,"restore_source_name":null,"restore_source_table_arn":null,"restore_to_latest_time":null,"stream_enabled":null,"table_class":null,"tags":null,"tags_all":{"ManagedBy":"Terraform","environment":"default","workspace":"default"},"timeouts":null,"write_capacity":10},"after_unknown":{"arn":true,"attribute":[{}],"global_secondary_index":[],"global_table_witness":true,"id":true,"import_table":[],"local_secondary_index":[],"on_demand_throughput":[],"point_in_time_recovery":true,"replica":[],"server_side_encryption":true,"stream_arn":true,"stream_label":true,"stream_view_type":true,"tags_all":{},"ttl":true,"warm_throughput":true},"before_sensitive":false,"after_sensitive":{"attribute":[{}],"global_secondary_index":[],"global_table_witness":[],"import_table":[],"local_secondary_index":[],"on_demand_throughput":[],"point_in_time_recovery":[],"replica":[],"server_side_encryption":[],"tags_all":{},"ttl":[],"warm_throughput":[]}}},{"address":"aws_iam_policy.lambda_permissions","mode":"managed","type":"aws_iam_policy","name":"lambda_permissions","provider_name":"registry.terraform.io/hashicorp/aws","change":{"actions":["create"],"before":null,"after":{"description":null,"name":"lambda-optimize-permissions","path":"/","tags":null,"tags_all":{"ManagedBy":"Terraform","environment":"default","workspace":"default"}},"after_unknown":{"arn":true,"attachment_count":true,"id":true,"name_prefix":true,"policy":true,"policy_id":true,"tags_all":{}},"before_sensitive":false,"after_sensitive":{"tags_all":{}},"after_identity":{"arn":null}}},{"address":"aws_iam_role.iam_for_lambda","mode":"managed","type":"aws_iam_role","name":"iam_for_lambda","provider_name":"registry.terraform.io/hashicorp/aws","change":{"actions":["create"],"before":null,"after":{"assume_role_policy":"{\"Statement\":[{\"Action\":\"sts:AssumeRole\",\"Effect\":\"Allow\",\"Principal\":{\"Service\":\"lambda.amazonaws.com\"}}],\"Version\":\"2012-10-17\"}","description":null,"force_detach_policies":false,"max_session_duration":3600,"name":"iam_for_optimize_lambda","path":"/","permissions_boundary":null,"tags":null,"tags_all":{"ManagedBy":"Terraform","environment":"default","workspace":"default"}},"after_unknown":{"arn":true,"create_date":true,"id":true,"inline_policy":true,"managed_policy_arns":true,"name_prefix":true,"tags_all":{},"unique_id":true},"before_sensitive":false,"after_sensitive":{"inline_policy":[],"managed_policy_arns":[],"tags_all":{}},"after_identity":{"account_id":null,"name":null}}},{"address":"aws_lambda_function.optimize_lambda","mode":"managed","type":"aws_lambda_function","name":"optimize_lambda","provider_name":"registry.terraform.io/hashicorp/aws","change":{"actions":["create"],"before":null,"after":{"capacity_provider_config":[],"code_signing_config_arn":null,"dead_letter_config":[],"description":"A simple lambda for optimizing a Delta table","durable_config":[],"environment":[{"variables":{"AWS_S3_LOCKING_PROVIDER":"dynamodb","DATALAKE_LOCATION":"s3://my-bucket/databases/my-table","OPTIMIZE_DS":"yesterday","RUST_LOG":"info"}}],"file_system_config":[],"filename":"./.dummy/lambda.zip","function_name":"delta-optimize","handler":"provided","image_config":[],"image_uri":null,"kms_key_arn":null,"layers":null,"memory_size":128,"package_type":"Zip","publish":false,"publish_to":null,"region":"us-west-2","replace_security_groups_on_destroy":null,"replacement_security_group_ids":null,"reserved_concurrent_executions":-1,"runtime":"provided.al2","s3_bucket":null,"s3_key":null,"s3_object_version":null,"skip_destroy":false,"snap_start":[],"source_kms_key_arn":null,"tags":null,"tags_all":{"ManagedBy":"Terraform","environment":"default","workspace":"default"},"tenancy_config":[],"timeout":3,"timeouts":null,"vpc_config":[]},"after_unknown":{"architectures":true,"arn":true,"capacity_provider_config":[],"code_sha256":true,"dead_letter_config":[],"durable_config":[],"environment":[{"variables":{}}],"ephemeral_storage":true,"file_system_config":[],"id":true,"image_config":[],"invoke_arn":true,"last_modified":true,"logging_config":true,"qualified_arn":true,"qualified_invoke_arn":true,"role":true,"signing_job_arn":true,"signing_profile_version_arn":true,"snap_start":[],"source_code_hash":true,"source_code_size":true,"tags_all":{},"tenancy_config":[],"tracing_config":true,"version":true,"vpc_config":[]},"before_sensitive":false,"after_sensitive":{"architectures":[],"capacity_provider_config":[],"dead_letter_config":[],"durable_config":[],"environment":[{"variables":{}}],"ephemeral_storage":[],"file_system_config":[],"image_config":[],"logging_config":[],"snap_start":[],"tags_all":{},"tenancy_config":[],"tracing_config":[],"vpc_config":[]},"after_identity":{"account_id":null,"function_name":null,"region":null}}},{"address":"aws_lambda_permission.allow_cloudwatch_to_call_function","mode":"managed","type":"aws_lambda_permission","name":"allow_cloudwatch_to_call_function","provider_name":"registry.terraform.io/hashicorp/aws","change":{"actions":["create"],"before":null,"after":{"action":"lambda:InvokeFunction","event_source_token":null,"function_name":"delta-optimize","function_url_auth_type":null,"principal":"events.amazonaws.com","principal_org_id":null,"qualifier":null,"region":"us-west-2","source_account":null,"statement_id":"AllowExecutionFromCloudWatch"},"after_unknown":{"id":true,"source_arn":true,"statement_id_prefix":true},"before_sensitive":false,"after_sensitive":{},"after_identity":{"account_id":null,"function_name":null,"qualifier":null,"region":null,"statement_id":null}}}],"prior_state":{"format_version":"1.0","terraform_version":"1.13.5","values":{"root_module":{"resources":[{"address":"data.archive_file.lambda_dummy","mode":"data","type":"archive_file","name":"lambda_dummy","provider_name":"registry.terraform.io/hashicorp/archive","schema_version":0,"values":{"exclude_symlink_directories":null,"excludes":null,"id":"58e93fade67637870be5af38eff8d5aa66c7da49","output_base64sha256":"wmbalFzzY/wG3ivChKElOZB3+B4gptmQyIat05p+fU4=","output_base64sha512":"BQYAg1LwEY4tDmry1VoRx6StX0vjH+7LpfB5KAZLVvfJQjioPbBv1QxI6QF6P2U614fU3h9XKBCb9z5Y1ornqA==","output_file_mode":null,"output_md5":"a0dbd832a6a977d6d5b28ea5c85e30fb","output_path":"./.dummy/lambda.zip","output_sha":"58e93fade67637870be5af38eff8d5aa66c7da49","output_sha256":"c266da945cf363fc06de2bc284a125399077f81e20a6d990c886add39a7e7d4e","output_sha512":"0506008352f0118e2d0e6af2d55a11c7a4ad5f4be31feecba5f07928064b56f7c94238a83db06fd50c48e9017a3f653ad787d4de1f5728109bf73e58d68ae7a8","output_size":246,"source":[{"content":"exports.handler = async (event) =\u003e {\n  console.log(\"Dummy lambda invoked\");\n  return { statusCode: 200, body: \"dummy\" };\n};\n","filename":"index.js"}],"source_content":null,"source_content_filename":null,"source_dir":null,"source_file":null,"type":"zip"},"sensitive_values":{"source":[{}]}},{"address":"data.aws_iam_policy_document.assume_role","mode":"data","type":"aws_iam_policy_document","name":"assume_role","provider_name":"registry.terraform.io/hashicorp/aws","schema_version":0,"values":{"id":"2690255455","json":"{\n  \"Version\": \"2012-10-17\",\n  \"Statement\": [\n    {\n      \"Effect\": \"Allow\",\n      \"Action\": \"sts:AssumeRole\",\n      \"Principal\": {\n        \"Service\": \"lambda.amazonaws.com\"\n      }\n    }\n  ]\n}","minified_json":"{\"Version\":\"2012-10-17\",\"Statement\":[{\"Effect\":\"Allow\",\"Action\":\"sts:AssumeRole\",\"Principal\":{\"Service\":\"lambda.amazonaws.com\"}}]}","override_json":null,"override_policy_documents":null,"policy_id":null,"source_json":null,"source_policy_documents":null,"statement":[{"actions":["sts:AssumeRole"],"condition":[],"effect":"Allow","not_actions":[],"not_principals":[],"not_resources":[],"principals":[{"identifiers":["lambda.amazonaws.com"],"type":"Service"}],"resources":[],"sid":""}],"version":"2012-10-17"},"sensitive_values":{"statement":[{"actions":[false],"condition":[],"not_actions":[],"not_principals":[],"not_resources":[],"principals":[{"identifiers":[false]}],"resources":[]}]}}]}}},"configuration":{"provider_config":{"archive":{"name":"archive","full_name":"registry.terraform.io/hashicorp/archive","version_constraint":"\u003e= 2.0.0"},"aws":{"name":"aws","full_name":"registry.terraform.io/hashicorp/aws","version_constraint":"~\u003e 6.27.0","expressions":{"access_key":{"references":["var.aws_access_key"]},"default_tags":[{"tags":{"references":["terraform.workspace","terraform.workspace"]}}],"region":{"constant_value":"us-west-2"},"secret_key":{"references":["var.aws_secret_key"]}}}},"root_module":{"resources":[{"address":"aws_cloudwatch_event_rule.every_hour","mode":"managed","type":"aws_cloudwatch_event_rule","name":"every_hour","provider_config_key":"aws","expressions":{"description":{"constant_value":"Simple CloudWatch Event rule that triggers every hour"},"name":{"constant_value":"execute-every-hour"},"schedule_expression":{"constant_value":"rate(1 hour)"}},"schema_version":1},{"address":"aws_cloudwatch_event_target.check_lambda_every_hour","mode":"managed","type":"aws_cloudwatch_event_target","name":"check_lambda_every_hour","provider_config_key":"aws","expressions":{"arn":{"references":["aws_lambda_function.optimize_lambda.arn","aws_lambda_function.optimize_lambda"]},"rule":{"references":["aws_cloudwatch_event_rule.every_hour.name","aws_cloudwatch_event_rule.every_hour"]},"target_id":{"constant_value":"delta-optimize"}},"schema_version":1},{"address":"aws_dynamodb_table.delta-locking-table","mode":"managed","type":"aws_dynamodb_table","name":"delta-locking-table","provider_config_key":"aws","expressions":{"attribute":[{"name":{"constant_value":"key"},"type":{"constant_value":"S"}}],"billing_mode":{"constant_value":"PROVISIONED"},"hash_key":{"constant_value":"key"},"name":{"constant_value":"delta_rs_lock_table"},"read_capacity":{"constant_value":10},"write_capacity":{"constant_value":10}},"schema_version":1},{"address":"aws_iam_policy.lambda_permissions","mode":"managed","type":"aws_iam_policy","name":"lambda_permissions","provider_config_key":"aws","expressions":{"name":{"constant_value":"lambda-optimize-permissions"},"policy":{"references":["aws_dynamodb_table.delta-locking-table.arn","aws_dynamodb_table.delta-locking-table","var.s3_bucket_arn"]}},"schema_version":0},{"address":"aws_iam_role.iam_for_lambda","mode":"managed","type":"aws_iam_role","name":"iam_for_lambda","provider_config_key":"aws","expressions":{"assume_role_policy":{"references":["data.aws_iam_policy_document.assume_role.json","data.aws_iam_policy_document.assume_role"]},"managed_policy_arns":{"references":["aws_iam_policy.lambda_permissions.arn","aws_iam_policy.lambda_permissions"]},"name":{"constant_value":"iam_for_optimize_lambda"}},"schema_version":0},{"address":"aws_lambda_function.optimize_lambda","mode":"managed","type":"aws_lambda_function","name":"optimize_lambda","provider_config_key":"aws","expressions":{"description":{"constant_value":"A simple lambda for optimizing a Delta table"},"environment":[{"variables":{"constant_value":{"AWS_S3_LOCKING_PROVIDER":"dynamodb","DATALAKE_LOCATION":"s3://my-bucket/databases/my-table","OPTIMIZE_DS":"yesterday","RUST_LOG":"info"}}}],"filename":{"references":["local.lambda_dummy_zip"]},"function_name":{"constant_value":"delta-optimize"},"handler":{"constant_value":"provided"},"role":{"references":["aws_iam_role.iam_for_lambda.arn","aws_iam_role.iam_for_lambda"]},"runtime":{"constant_value":"provided.al2"}},"schema_version":0},{"address":"aws_lambda_permission.allow_cloudwatch_to_call_function","mode":"managed","type":"aws_lambda_permission","name":"allow_cloudwatch_to_call_function","provider_config_key":"aws","expressions":{"action":{"constant_value":"lambda:InvokeFunction"},"function_name":{"references":["aws_lambda_function.optimize_lambda.function_name","aws_lambda_function.optimize_lambda"]},"principal":{"constant_value":"events.amazonaws.com"},"source_arn":{"references":["aws_cloudwatch_event_rule.every_hour.arn","aws_cloudwatch_event_rule.every_hour"]},"statement_id":{"constant_value":"AllowExecutionFromCloudWatch"}},"schema_version":0},{"address":"data.archive_file.lambda_dummy","mode":"data","type":"archive_file","name":"lambda_dummy","provider_config_key":"archive","expressions":{"output_path":{"references":["local.lambda_dummy_zip"]},"source":[{"content":{"constant_value":"exports.handler = async (event) =\u003e {\n  console.log(\"Dummy lambda invoked\");\n  return { statusCode: 200, body: \"dummy\" };\n};\n"},"filename":{"constant_value":"index.js"}}],"type":{"constant_value":"zip"}},"schema_version":0},{"address":"data.aws_iam_policy_document.assume_role","mode":"data","type":"aws_iam_policy_document","name":"assume_role","provider_config_key":"aws","expressions":{"statement":[{"actions":{"constant_value":["sts:AssumeRole"]},"effect":{"constant_value":"Allow"},"principals":[{"identifiers":{"constant_value":["lambda.amazonaws.com"]},"type":{"constant_value":"Service"}}]}]},"schema_version":0}],"variables":{"aws_access_key":{"default":""},"aws_secret_key":{"default":""},"s3_bucket_arn":{"default":"*","description":"The ARN for the S3 bucket that the optimize function will optimize"}}}},"relevant_attributes":[{"resource":"aws_cloudwatch_event_rule.every_hour","attribute":["name"]},{"resource":"data.aws_iam_policy_document.assume_role","attribute":["json"]},{"resource":"aws_dynamodb_table.delta-locking-table","attribute":["arn"]},{"resource":"aws_iam_policy.lambda_permissions","attribute":["arn"]},{"resource":"aws_cloudwatch_event_rule.every_hour","attribute":["arn"]},{"resource":"aws_iam_role.iam_for_lambda","attribute":["arn"]},{"resource":"aws_lambda_function.optimize_lambda","attribute":["arn"]},{"resource":"aws_lambda_function.optimize_lambda","attribute":["function_name"]}],"timestamp":"2026-01-22T21:47:21Z","applyable":true,"complete":true,"errored":false}
