{
  "version": 4,
  "terraform_version": "1.13.5",
  "serial": 7,
  "lineage": "cc3fcf0c-f480-8fc9-a0b9-72cb16133a6d",
  "outputs": {
    "iam_group_name": {
      "value": "energi-node",
      "type": "string"
    },
    "iam_policy_arn": {
      "value": "arn:aws:iam::000000000000:policy/energi-node",
      "type": "string"
    },
    "iam_role_arn": {
      "value": "arn:aws:iam::000000000000:role/energi-node",
      "type": "string"
    },
    "iam_role_name": {
      "value": "energi-node",
      "type": "string"
    },
    "iam_user_name": {
      "value": "energi-node",
      "type": "string"
    }
  },
  "resources": [
    {
      "mode": "data",
      "type": "aws_caller_identity",
      "name": "current",
      "provider": "provider[\"registry.terraform.io/hashicorp/aws\"]",
      "instances": [
        {
          "schema_version": 0,
          "attributes": {
            "account_id": "000000000000",
            "arn": "arn:aws:iam::000000000000:root",
            "id": "000000000000",
            "user_id": "AKIAIOSFODNN7EXAMPLE"
          },
          "sensitive_attributes": [],
          "identity_schema_version": 0
        }
      ]
    },
    {
      "mode": "managed",
      "type": "aws_iam_group",
      "name": "group",
      "provider": "provider[\"registry.terraform.io/hashicorp/aws\"]",
      "instances": [
        {
          "schema_version": 0,
          "attributes": {
            "arn": "arn:aws:iam::000000000000:group/energi-node",
            "id": "energi-node",
            "name": "energi-node",
            "path": "/",
            "unique_id": "t0y9w0itr4l1fjqvpprw"
          },
          "sensitive_attributes": [],
          "identity_schema_version": 0,
          "private": "bnVsbA=="
        }
      ]
    },
    {
      "mode": "managed",
      "type": "aws_iam_group_policy_attachment",
      "name": "group_assume_role",
      "provider": "provider[\"registry.terraform.io/hashicorp/aws\"]",
      "instances": [
        {
          "schema_version": 0,
          "attributes": {
            "group": "energi-node",
            "id": "energi-node-20260125190921664700000002",
            "policy_arn": "arn:aws:iam::000000000000:policy/energi-node"
          },
          "sensitive_attributes": [],
          "identity_schema_version": 0,
          "private": "bnVsbA==",
          "dependencies": [
            "aws_iam_group.group",
            "aws_iam_policy.assume_role",
            "aws_iam_role.assumable",
            "data.aws_caller_identity.current"
          ]
        }
      ]
    },
    {
      "mode": "managed",
      "type": "aws_iam_policy",
      "name": "assume_role",
      "provider": "provider[\"registry.terraform.io/hashicorp/aws\"]",
      "instances": [
        {
          "schema_version": 0,
          "attributes": {
            "arn": "arn:aws:iam::000000000000:policy/energi-node",
            "attachment_count": 0,
            "delay_after_policy_creation_in_ms": null,
            "description": "Allows sts:AssumeRole on energi-node.",
            "id": "arn:aws:iam::000000000000:policy/energi-node",
            "name": "energi-node",
            "name_prefix": "",
            "path": "/",
            "policy": "{\"Statement\":[{\"Action\":[\"sts:AssumeRole\"],\"Effect\":\"Allow\",\"Resource\":\"arn:aws:iam::000000000000:role/energi-node\",\"Sid\":\"AllowAssumeRole\"}],\"Version\":\"2012-10-17\"}",
            "policy_id": "AOQUSTYKY8VSSNLDM20NF",
            "tags": null,
            "tags_all": {
              "Managed": "terraform",
              "Project": "energi-node"
            }
          },
          "sensitive_attributes": [],
          "identity_schema_version": 0,
          "identity": {
            "arn": "arn:aws:iam::000000000000:policy/energi-node"
          },
          "private": "bnVsbA==",
          "dependencies": [
            "aws_iam_role.assumable",
            "data.aws_caller_identity.current"
          ]
        }
      ]
    },
    {
      "mode": "managed",
      "type": "aws_iam_role",
      "name": "assumable",
      "provider": "provider[\"registry.terraform.io/hashicorp/aws\"]",
      "instances": [
        {
          "schema_version": 0,
          "attributes": {
            "arn": "arn:aws:iam::000000000000:role/energi-node",
            "assume_role_policy": "{\"Statement\":[{\"Action\":\"sts:AssumeRole\",\"Effect\":\"Allow\",\"Principal\":{\"AWS\":\"arn:aws:iam::000000000000:root\"},\"Sid\":\"AllowAssumeFromSameAccount\"}],\"Version\":\"2012-10-17\"}",
            "create_date": "2026-01-25T19:09:21Z",
            "description": "",
            "force_detach_policies": false,
            "id": "energi-node",
            "inline_policy": [],
            "managed_policy_arns": [],
            "max_session_duration": 3600,
            "name": "energi-node",
            "name_prefix": "",
            "path": "/",
            "permissions_boundary": "",
            "tags": null,
            "tags_all": {
              "Managed": "terraform",
              "Project": "energi-node"
            },
            "unique_id": "AROAQAAAAAAAJDMBN3VGJ"
          },
          "sensitive_attributes": [],
          "identity_schema_version": 0,
          "identity": {
            "account_id": "000000000000",
            "name": "energi-node"
          },
          "private": "bnVsbA==",
          "dependencies": [
            "data.aws_caller_identity.current"
          ]
        }
      ]
    },
    {
      "mode": "managed",
      "type": "aws_iam_user",
      "name": "user",
      "provider": "provider[\"registry.terraform.io/hashicorp/aws\"]",
      "instances": [
        {
          "schema_version": 0,
          "attributes": {
            "arn": "arn:aws:iam::000000000000:user/energi-node",
            "force_destroy": false,
            "id": "energi-node",
            "name": "energi-node",
            "path": "/",
            "permissions_boundary": "",
            "tags": null,
            "tags_all": {
              "Managed": "terraform",
              "Project": "energi-node"
            },
            "unique_id": "dm79pchtg3oahyphkpum"
          },
          "sensitive_attributes": [],
          "identity_schema_version": 0,
          "private": "bnVsbA=="
        }
      ]
    },
    {
      "mode": "managed",
      "type": "aws_iam_user_group_membership",
      "name": "user_membership",
      "provider": "provider[\"registry.terraform.io/hashicorp/aws\"]",
      "instances": [
        {
          "schema_version": 0,
          "attributes": {
            "groups": [
              "energi-node"
            ],
            "id": "terraform-20260125190921626200000001",
            "user": "energi-node"
          },
          "sensitive_attributes": [],
          "identity_schema_version": 0,
          "private": "bnVsbA==",
          "dependencies": [
            "aws_iam_group.group",
            "aws_iam_user.user"
          ]
        }
      ]
    }
  ],
  "check_results": null
}
