{
  "version": 4,
  "terraform_version": "1.13.5",
  "serial": 4,
  "lineage": "81c538d2-f2b4-48c3-77ab-ffbbf933efbf",
  "outputs": {
    "database_url": {
      "value": "postgresql://kiwi:ai-basis-tf@localhost.localstack.cloud:4510/infrafy",
      "type": "string",
      "sensitive": true
    },
    "db_address": {
      "value": "localhost.localstack.cloud",
      "type": "string"
    },
    "db_endpoint": {
      "value": "localhost.localstack.cloud:4510",
      "type": "string"
    },
    "db_port": {
      "value": 5432,
      "type": "number"
    }
  },
  "resources": [
    {
      "mode": "data",
      "type": "aws_subnets",
      "name": "default",
      "provider": "provider[\"registry.terraform.io/hashicorp/aws\"]",
      "instances": [
        {
          "schema_version": 0,
          "attributes": {
            "filter": [
              {
                "name": "vpc-id",
                "values": [
                  "vpc-324a6635501a7216d"
                ]
              }
            ],
            "id": "us-east-1",
            "ids": [
              "subnet-b8b73944e639f61e4",
              "subnet-521e2a2cd1c331a70",
              "subnet-d6733804004f7a573",
              "subnet-603038b6c40cf3306",
              "subnet-96023501ca1b23023",
              "subnet-d0d09fc2d5c0e7550"
            ],
            "region": "us-east-1",
            "tags": null,
            "timeouts": null
          },
          "sensitive_attributes": [],
          "identity_schema_version": 0
        }
      ]
    },
    {
      "mode": "data",
      "type": "aws_vpc",
      "name": "default",
      "provider": "provider[\"registry.terraform.io/hashicorp/aws\"]",
      "instances": [
        {
          "schema_version": 0,
          "attributes": {
            "arn": "arn:aws:ec2:us-east-1:000000000000:vpc/vpc-324a6635501a7216d",
            "cidr_block": "172.31.0.0/16",
            "cidr_block_associations": [
              {
                "association_id": "vpc-cidr-assoc-ceb549f8439714be2",
                "cidr_block": "172.31.0.0/16",
                "state": "associated"
              }
            ],
            "default": true,
            "dhcp_options_id": "default",
            "enable_dns_hostnames": true,
            "enable_dns_support": true,
            "enable_network_address_usage_metrics": false,
            "filter": null,
            "id": "vpc-324a6635501a7216d",
            "instance_tenancy": "default",
            "ipv6_association_id": "",
            "ipv6_cidr_block": "",
            "main_route_table_id": "rtb-8477b1e2aaccd02e7",
            "owner_id": "000000000000",
            "region": "us-east-1",
            "state": null,
            "tags": {},
            "timeouts": null
          },
          "sensitive_attributes": [],
          "identity_schema_version": 0
        }
      ]
    },
    {
      "mode": "managed",
      "type": "aws_db_instance",
      "name": "postgres",
      "provider": "provider[\"registry.terraform.io/hashicorp/aws\"]",
      "instances": [
        {
          "schema_version": 2,
          "attributes": {
            "address": "localhost.localstack.cloud",
            "allocated_storage": 20,
            "allow_major_version_upgrade": null,
            "apply_immediately": true,
            "arn": "arn:aws:rds:us-east-1:000000000000:db:infrafy-pg-20260127094750871900000003",
            "auto_minor_version_upgrade": true,
            "availability_zone": "us-east-1a",
            "backup_retention_period": 0,
            "backup_target": "",
            "backup_window": "13:14-13:44",
            "blue_green_update": [],
            "ca_cert_identifier": "",
            "character_set_name": "",
            "copy_tags_to_snapshot": false,
            "custom_iam_instance_profile": "",
            "customer_owned_ip_enabled": false,
            "database_insights_mode": "",
            "db_name": "infrafy",
            "db_subnet_group_name": "infrafy-db-20260127094750460900000001",
            "dedicated_log_volume": false,
            "delete_automated_backups": true,
            "deletion_protection": false,
            "domain": "",
            "domain_auth_secret_arn": "",
            "domain_dns_ips": null,
            "domain_fqdn": "",
            "domain_iam_role_name": "",
            "domain_ou": "",
            "enabled_cloudwatch_logs_exports": null,
            "endpoint": "localhost.localstack.cloud:4510",
            "engine": "postgres",
            "engine_lifecycle_support": "",
            "engine_version": "16.2",
            "engine_version_actual": "16.2",
            "final_snapshot_identifier": null,
            "hosted_zone_id": "",
            "iam_database_authentication_enabled": false,
            "id": "db-568C4B4F",
            "identifier": "infrafy-pg-20260127094750871900000003",
            "identifier_prefix": "infrafy-pg-",
            "instance_class": "db.t3.micro",
            "iops": 0,
            "kms_key_id": "",
            "latest_restorable_time": "",
            "license_model": "general-public-license",
            "listener_endpoint": [],
            "maintenance_window": "wed:06:38-wed:07:08",
            "manage_master_user_password": null,
            "master_user_secret": [],
            "master_user_secret_kms_key_id": null,
            "max_allocated_storage": 0,
            "monitoring_interval": 0,
            "monitoring_role_arn": "",
            "multi_az": false,
            "nchar_character_set_name": "",
            "network_type": "",
            "option_group_name": "default.postgres-17",
            "parameter_group_name": "",
            "password": "ai-basis-tf",
            "password_wo": null,
            "password_wo_version": null,
            "performance_insights_enabled": false,
            "performance_insights_kms_key_id": "",
            "performance_insights_retention_period": 0,
            "port": 4510,
            "publicly_accessible": true,
            "region": "us-east-1",
            "replica_mode": "",
            "replicas": [],
            "replicate_source_db": "",
            "resource_id": "db-568C4B4F",
            "restore_to_point_in_time": [],
            "s3_import": [],
            "skip_final_snapshot": true,
            "snapshot_identifier": null,
            "status": "available",
            "storage_encrypted": false,
            "storage_throughput": 0,
            "storage_type": "gp2",
            "tags": {
              "Name": "infrafy-postgres"
            },
            "tags_all": {
              "Managed": "terraform",
              "Name": "infrafy-postgres",
              "Project": "infrafy"
            },
            "timeouts": null,
            "timezone": "",
            "upgrade_rollout_order": "",
            "upgrade_storage_config": null,
            "username": "kiwi",
            "vpc_security_group_ids": [
              "sg-21e34e2a17ac86a42"
            ]
          },
          "sensitive_attributes": [
            [
              {
                "type": "get_attr",
                "value": "password"
              }
            ],
            [
              {
                "type": "get_attr",
                "value": "password_wo"
              }
            ]
          ],
          "identity_schema_version": 0,
          "private": "eyJlMmJmYjczMC1lY2FhLTExZTYtOGY4OC0zNDM2M2JjN2M0YzAiOnsiY3JlYXRlIjozMDAwMDAwMDAwMDAwLCJkZWxldGUiOjM2MDAwMDAwMDAwMDAsInVwZGF0ZSI6NDgwMDAwMDAwMDAwMH0sInNjaGVtYV92ZXJzaW9uIjoiMiJ9",
          "dependencies": [
            "aws_db_subnet_group.this",
            "aws_security_group.postgres",
            "data.aws_subnets.default",
            "data.aws_vpc.default"
          ]
        }
      ]
    },
    {
      "mode": "managed",
      "type": "aws_db_subnet_group",
      "name": "this",
      "provider": "provider[\"registry.terraform.io/hashicorp/aws\"]",
      "instances": [
        {
          "schema_version": 0,
          "attributes": {
            "arn": "arn:aws:rds:us-east-1:000000000000:subgrp:infrafy-db-20260127094750460900000001",
            "description": "Managed by Terraform",
            "id": "infrafy-db-20260127094750460900000001",
            "name": "infrafy-db-20260127094750460900000001",
            "name_prefix": "infrafy-db-",
            "region": "us-east-1",
            "subnet_ids": [
              "subnet-521e2a2cd1c331a70",
              "subnet-603038b6c40cf3306",
              "subnet-96023501ca1b23023",
              "subnet-b8b73944e639f61e4",
              "subnet-d0d09fc2d5c0e7550",
              "subnet-d6733804004f7a573"
            ],
            "supported_network_types": [
              "IPV4"
            ],
            "tags": {
              "Name": "infrafy-db-subnet-group"
            },
            "tags_all": {
              "Managed": "terraform",
              "Name": "infrafy-db-subnet-group",
              "Project": "infrafy"
            },
            "vpc_id": "vpc-324a6635501a7216d"
          },
          "sensitive_attributes": [],
          "identity_schema_version": 0,
          "private": "bnVsbA==",
          "dependencies": [
            "data.aws_subnets.default",
            "data.aws_vpc.default"
          ]
        }
      ]
    },
    {
      "mode": "managed",
      "type": "aws_security_group",
      "name": "postgres",
      "provider": "provider[\"registry.terraform.io/hashicorp/aws\"]",
      "instances": [
        {
          "schema_version": 1,
          "attributes": {
            "arn": "arn:aws:ec2:us-east-1:000000000000:security-group/sg-21e34e2a17ac86a42",
            "description": "Allow Postgres access",
            "egress": [
              {
                "cidr_blocks": [
                  "0.0.0.0/0"
                ],
                "description": "",
                "from_port": 0,
                "ipv6_cidr_blocks": [],
                "prefix_list_ids": [],
                "protocol": "-1",
                "security_groups": [],
                "self": false,
                "to_port": 0
              }
            ],
            "id": "sg-21e34e2a17ac86a42",
            "ingress": [
              {
                "cidr_blocks": [
                  "0.0.0.0/0"
                ],
                "description": "PostgreSQL",
                "from_port": 5432,
                "ipv6_cidr_blocks": [],
                "prefix_list_ids": [],
                "protocol": "tcp",
                "security_groups": [],
                "self": false,
                "to_port": 5432
              }
            ],
            "name": "infrafy-postgres-20260127094750461600000002",
            "name_prefix": "infrafy-postgres-",
            "owner_id": "000000000000",
            "region": "us-east-1",
            "revoke_rules_on_delete": false,
            "tags": null,
            "tags_all": {
              "Managed": "terraform",
              "Project": "infrafy"
            },
            "timeouts": null,
            "vpc_id": "vpc-324a6635501a7216d"
          },
          "sensitive_attributes": [],
          "identity_schema_version": 0,
          "identity": {
            "account_id": "000000000000",
            "id": "sg-21e34e2a17ac86a42",
            "region": "us-east-1"
          },
          "private": "eyJlMmJmYjczMC1lY2FhLTExZTYtOGY4OC0zNDM2M2JjN2M0YzAiOnsiY3JlYXRlIjo2MDAwMDAwMDAwMDAsImRlbGV0ZSI6OTAwMDAwMDAwMDAwfSwic2NoZW1hX3ZlcnNpb24iOiIxIn0=",
          "dependencies": [
            "data.aws_vpc.default"
          ]
        }
      ]
    }
  ],
  "check_results": null
}
