{"format_version":"1.2","terraform_version":"1.13.5","variables":{"aws_region":{"value":"us-east-1"},"container_port":{"value":80},"desired_count":{"value":2},"domain_name":{"value":""},"enable_waf":{"value":false},"environment":{"value":"dev"},"hosted_zone_id":{"value":""},"private_subnet_cidrs":{"value":["10.0.10.0/24","10.0.11.0/24"]},"project_name":{"value":"static-nginx"},"public_subnet_cidrs":{"value":["10.0.0.0/24","10.0.1.0/24"]},"task_cpu":{"value":256},"task_memory":{"value":512},"vpc_cidr":{"value":"10.0.0.0/16"}},"planned_values":{"outputs":{"alb_dns_name":{"sensitive":false},"codecommit_clone_url_http":{"sensitive":false},"codepipeline_name":{"sensitive":false,"type":"string","value":"static-nginx-dev-pipeline"},"ecr_repository_url":{"sensitive":false}},"root_module":{"resources":[{"address":"aws_appautoscaling_policy.cpu","mode":"managed","type":"aws_appautoscaling_policy","name":"cpu","provider_name":"registry.terraform.io/hashicorp/aws","schema_version":0,"values":{"name":"static-nginx-dev-cpu-scaling","policy_type":"TargetTrackingScaling","predictive_scaling_policy_configuration":[],"region":"us-east-1","resource_id":"service/static-nginx-dev-cluster/static-nginx-dev-svc","scalable_dimension":"ecs:service:DesiredCount","service_namespace":"ecs","step_scaling_policy_configuration":[],"target_tracking_scaling_policy_configuration":[{"customized_metric_specification":[],"disable_scale_in":false,"predefined_metric_specification":[{"predefined_metric_type":"ECSServiceAverageCPUUtilization","resource_label":null}],"scale_in_cooldown":60,"scale_out_cooldown":60,"target_value":50}]},"sensitive_values":{"alarm_arns":[],"predictive_scaling_policy_configuration":[],"step_scaling_policy_configuration":[],"target_tracking_scaling_policy_configuration":[{"customized_metric_specification":[],"predefined_metric_specification":[{}]}]}},{"address":"aws_appautoscaling_target.ecs","mode":"managed","type":"aws_appautoscaling_target","name":"ecs","provider_name":"registry.terraform.io/hashicorp/aws","schema_version":0,"values":{"max_capacity":4,"min_capacity":2,"region":"us-east-1","resource_id":"service/static-nginx-dev-cluster/static-nginx-dev-svc","scalable_dimension":"ecs:service:DesiredCount","service_namespace":"ecs","tags":null,"tags_all":{"Environment":"dev","ManagedBy":"terraform","Project":"static-nginx"}},"sensitive_values":{"suspended_state":[],"tags_all":{}}},{"address":"aws_cloudtrail.this","mode":"managed","type":"aws_cloudtrail","name":"this","provider_name":"registry.terraform.io/hashicorp/aws","schema_version":1,"values":{"advanced_event_selector":[],"cloud_watch_logs_group_arn":null,"cloud_watch_logs_role_arn":null,"enable_log_file_validation":false,"enable_logging":true,"event_selector":[],"include_global_service_events":true,"insight_selector":[],"is_multi_region_trail":true,"is_organization_trail":false,"kms_key_id":null,"name":"static-nginx-dev-trail","region":"us-east-1","s3_key_prefix":null,"sns_topic_name":null,"tags":null,"tags_all":{"Environment":"dev","ManagedBy":"terraform","Project":"static-nginx"}},"sensitive_values":{"advanced_event_selector":[],"event_selector":[],"insight_selector":[],"tags_all":{}},"identity_schema_version":0,"identity":{"arn":null}},{"address":"aws_cloudwatch_log_group.app","mode":"managed","type":"aws_cloudwatch_log_group","name":"app","provider_name":"registry.terraform.io/hashicorp/aws","schema_version":0,"values":{"kms_key_id":null,"name":"/ecs/static-nginx-dev","region":"us-east-1","retention_in_days":14,"skip_destroy":false,"tags":null,"tags_all":{"Environment":"dev","ManagedBy":"terraform","Project":"static-nginx"}},"sensitive_values":{"tags_all":{}},"identity_schema_version":0,"identity":{"account_id":null,"name":null,"region":null}},{"address":"aws_codebuild_project.app","mode":"managed","type":"aws_codebuild_project","name":"app","provider_name":"registry.terraform.io/hashicorp/aws","schema_version":0,"values":{"artifacts":[{"artifact_identifier":null,"bucket_owner_access":null,"encryption_disabled":false,"location":null,"name":null,"namespace_type":null,"override_artifact_name":false,"packaging":null,"path":null,"type":"CODEPIPELINE"}],"badge_enabled":false,"build_batch_config":[],"build_timeout":60,"cache":[],"concurrent_build_limit":null,"description":"Build and push Docker image to ECR","environment":[{"certificate":null,"compute_type":"BUILD_GENERAL1_SMALL","docker_server":[],"environment_variable":[{"name":"AWS_ACCOUNT_ID","type":"PLAINTEXT","value":"000000000000"},{"name":"AWS_DEFAULT_REGION","type":"PLAINTEXT","value":"us-east-1"},{"name":"IMAGE_REPO_NAME","type":"PLAINTEXT","value":"static-nginx-dev-app"},{"name":"CONTAINER_NAME","type":"PLAINTEXT","value":"nginx"}],"fleet":[],"image":"aws/codebuild/standard:7.0","image_pull_credentials_type":"CODEBUILD","privileged_mode":true,"registry_credential":[],"type":"LINUX_CONTAINER"}],"file_system_locations":[],"logs_config":[{"cloudwatch_logs":[{"group_name":"/codebuild/static-nginx-dev","status":"ENABLED","stream_name":"build"}],"s3_logs":[]}],"name":"static-nginx-dev-build","project_visibility":"PRIVATE","queued_timeout":480,"region":"us-east-1","resource_access_role":null,"secondary_artifacts":[],"secondary_source_version":[],"secondary_sources":[],"source":[{"auth":[],"build_status_config":[],"buildspec":"buildspec.yml","git_clone_depth":null,"git_submodules_config":[],"insecure_ssl":null,"location":null,"report_build_status":null,"type":"CODEPIPELINE"}],"source_version":null,"tags":null,"tags_all":{"Environment":"dev","ManagedBy":"terraform","Project":"static-nginx"},"vpc_config":[]},"sensitive_values":{"artifacts":[{}],"build_batch_config":[],"cache":[],"environment":[{"docker_server":[],"environment_variable":[{},{},{},{}],"fleet":[],"registry_credential":[]}],"file_system_locations":[],"logs_config":[{"cloudwatch_logs":[{}],"s3_logs":[]}],"secondary_artifacts":[],"secondary_source_version":[],"secondary_sources":[],"source":[{"auth":[],"build_status_config":[],"git_submodules_config":[]}],"tags_all":{},"vpc_config":[]},"identity_schema_version":0,"identity":{"arn":null}},{"address":"aws_codecommit_repository.app","mode":"managed","type":"aws_codecommit_repository","name":"app","provider_name":"registry.terraform.io/hashicorp/aws","schema_version":0,"values":{"default_branch":null,"description":"Source repository for static-nginx-dev","region":"us-east-1","repository_name":"static-nginx-dev-repo","tags":null,"tags_all":{"Environment":"dev","ManagedBy":"terraform","Project":"static-nginx"}},"sensitive_values":{"tags_all":{}}},{"address":"aws_codepipeline.app","mode":"managed","type":"aws_codepipeline","name":"app","provider_name":"registry.terraform.io/hashicorp/aws","schema_version":0,"values":{"artifact_store":[{"encryption_key":[],"region":"","type":"S3"}],"execution_mode":"SUPERSEDED","name":"static-nginx-dev-pipeline","pipeline_type":"V1","region":"us-east-1","stage":[{"action":[{"category":"Source","configuration":{"BranchName":"main","PollForSourceChanges":"true","RepositoryName":"static-nginx-dev-repo"},"input_artifacts":null,"name":"Source","namespace":null,"output_artifacts":["source_output"],"owner":"AWS","provider":"CodeCommit","role_arn":null,"timeout_in_minutes":null,"version":"1"}],"before_entry":[],"name":"Source","on_failure":[],"on_success":[]},{"action":[{"category":"Build","configuration":{"ProjectName":"static-nginx-dev-build"},"input_artifacts":["source_output"],"name":"Build","namespace":null,"output_artifacts":["build_output"],"owner":"AWS","provider":"CodeBuild","role_arn":null,"timeout_in_minutes":null,"version":"1"}],"before_entry":[],"name":"Build","on_failure":[],"on_success":[]},{"action":[{"category":"Deploy","configuration":{"ClusterName":"static-nginx-dev-cluster","FileName":"imagedefinitions.json","ServiceName":"static-nginx-dev-svc"},"input_artifacts":["build_output"],"name":"Deploy","namespace":null,"output_artifacts":null,"owner":"AWS","provider":"ECS","role_arn":null,"timeout_in_minutes":null,"version":"1"}],"before_entry":[],"name":"Deploy","on_failure":[],"on_success":[]}],"tags":null,"tags_all":{"Environment":"dev","ManagedBy":"terraform","Project":"static-nginx"},"trigger":[],"variable":[]},"sensitive_values":{"artifact_store":[{"encryption_key":[]}],"stage":[{"action":[{"configuration":{},"output_artifacts":[false]}],"before_entry":[],"on_failure":[],"on_success":[]},{"action":[{"configuration":{},"input_artifacts":[false],"output_artifacts":[false]}],"before_entry":[],"on_failure":[],"on_success":[]},{"action":[{"configuration":{},"input_artifacts":[false]}],"before_entry":[],"on_failure":[],"on_success":[]}],"tags_all":{},"trigger":[],"trigger_all":[],"variable":[]}},{"address":"aws_ecr_lifecycle_policy.app","mode":"managed","type":"aws_ecr_lifecycle_policy","name":"app","provider_name":"registry.terraform.io/hashicorp/aws","schema_version":0,"values":{"policy":"{\"rules\":[{\"action\":{\"type\":\"expire\"},\"description\":\"Expire untagged images older than 7 days\",\"rulePriority\":1,\"selection\":{\"countNumber\":7,\"countType\":\"sinceImagePushed\",\"countUnit\":\"days\",\"tagStatus\":\"untagged\"}},{\"action\":{\"type\":\"expire\"},\"description\":\"Keep last 30 images\",\"rulePriority\":2,\"selection\":{\"countNumber\":30,\"countType\":\"imageCountMoreThan\",\"tagStatus\":\"any\"}}]}","region":"us-east-1","repository":"static-nginx-dev-app"},"sensitive_values":{},"identity_schema_version":0,"identity":{"account_id":null,"region":null,"repository":null}},{"address":"aws_ecr_repository.app","mode":"managed","type":"aws_ecr_repository","name":"app","provider_name":"registry.terraform.io/hashicorp/aws","schema_version":0,"values":{"encryption_configuration":[{"encryption_type":"AES256"}],"force_delete":null,"image_scanning_configuration":[{"scan_on_push":true}],"image_tag_mutability":"MUTABLE","image_tag_mutability_exclusion_filter":[],"name":"static-nginx-dev-app","region":"us-east-1","tags":{"Name":"static-nginx-dev-ecr"},"tags_all":{"Environment":"dev","ManagedBy":"terraform","Name":"static-nginx-dev-ecr","Project":"static-nginx"},"timeouts":null},"sensitive_values":{"encryption_configuration":[{}],"image_scanning_configuration":[{}],"image_tag_mutability_exclusion_filter":[],"tags":{},"tags_all":{}},"identity_schema_version":0,"identity":{"account_id":null,"name":null,"region":null}},{"address":"aws_ecs_cluster.this","mode":"managed","type":"aws_ecs_cluster","name":"this","provider_name":"registry.terraform.io/hashicorp/aws","schema_version":0,"values":{"configuration":[],"name":"static-nginx-dev-cluster","region":"us-east-1","service_connect_defaults":[],"setting":[{"name":"containerInsights","value":"enabled"}],"tags":null,"tags_all":{"Environment":"dev","ManagedBy":"terraform","Project":"static-nginx"}},"sensitive_values":{"configuration":[],"service_connect_defaults":[],"setting":[{}],"tags_all":{}}},{"address":"aws_ecs_service.app","mode":"managed","type":"aws_ecs_service","name":"app","provider_name":"registry.terraform.io/hashicorp/aws","schema_version":1,"values":{"alarms":[],"capacity_provider_strategy":[],"deployment_circuit_breaker":[],"deployment_controller":[],"deployment_maximum_percent":200,"deployment_minimum_healthy_percent":50,"desired_count":2,"enable_ecs_managed_tags":false,"enable_execute_command":false,"force_delete":null,"force_new_deployment":null,"health_check_grace_period_seconds":null,"launch_type":"FARGATE","load_balancer":[{"advanced_configuration":[],"container_name":"nginx","container_port":80,"elb_name":""}],"name":"static-nginx-dev-svc","network_configuration":[{"assign_public_ip":false}],"ordered_placement_strategy":[],"placement_constraints":[],"propagate_tags":null,"region":"us-east-1","scheduling_strategy":"REPLICA","service_connect_configuration":[],"service_registries":[],"sigint_rollback":null,"tags":null,"tags_all":{"Environment":"dev","ManagedBy":"terraform","Project":"static-nginx"},"timeouts":null,"volume_configuration":[],"vpc_lattice_configurations":[],"wait_for_steady_state":false},"sensitive_values":{"alarms":[],"capacity_provider_strategy":[],"deployment_circuit_breaker":[],"deployment_configuration":[],"deployment_controller":[],"load_balancer":[{"advanced_configuration":[]}],"network_configuration":[{"security_groups":[],"subnets":[]}],"ordered_placement_strategy":[],"placement_constraints":[],"service_connect_configuration":[],"service_registries":[],"tags_all":{},"triggers":{},"volume_configuration":[],"vpc_lattice_configurations":[]}},{"address":"aws_ecs_task_definition.app","mode":"managed","type":"aws_ecs_task_definition","name":"app","provider_name":"registry.terraform.io/hashicorp/aws","schema_version":1,"values":{"cpu":"256","ephemeral_storage":[],"family":"static-nginx-dev-task","ipc_mode":null,"memory":"512","network_mode":"awsvpc","pid_mode":null,"placement_constraints":[],"proxy_configuration":[],"region":"us-east-1","requires_compatibilities":["FARGATE"],"runtime_platform":[],"skip_destroy":false,"tags":null,"tags_all":{"Environment":"dev","ManagedBy":"terraform","Project":"static-nginx"},"task_role_arn":null,"track_latest":false,"volume":[]},"sensitive_values":{"ephemeral_storage":[],"placement_constraints":[],"proxy_configuration":[],"requires_compatibilities":[false],"runtime_platform":[],"tags_all":{},"volume":[]}},{"address":"aws_eip.nat[0]","mode":"managed","type":"aws_eip","name":"nat","index":0,"provider_name":"registry.terraform.io/hashicorp/aws","schema_version":0,"values":{"address":null,"associate_with_private_ip":null,"customer_owned_ipv4_pool":null,"domain":"vpc","region":"us-east-1","tags":{"Name":"static-nginx-dev-nat-eip-1"},"tags_all":{"Environment":"dev","ManagedBy":"terraform","Name":"static-nginx-dev-nat-eip-1","Project":"static-nginx"},"timeouts":null},"sensitive_values":{"tags":{},"tags_all":{}}},{"address":"aws_eip.nat[1]","mode":"managed","type":"aws_eip","name":"nat","index":1,"provider_name":"registry.terraform.io/hashicorp/aws","schema_version":0,"values":{"address":null,"associate_with_private_ip":null,"customer_owned_ipv4_pool":null,"domain":"vpc","region":"us-east-1","tags":{"Name":"static-nginx-dev-nat-eip-2"},"tags_all":{"Environment":"dev","ManagedBy":"terraform","Name":"static-nginx-dev-nat-eip-2","Project":"static-nginx"},"timeouts":null},"sensitive_values":{"tags":{},"tags_all":{}}},{"address":"aws_iam_role.codebuild","mode":"managed","type":"aws_iam_role","name":"codebuild","provider_name":"registry.terraform.io/hashicorp/aws","schema_version":0,"values":{"assume_role_policy":"{\"Statement\":[{\"Action\":\"sts:AssumeRole\",\"Effect\":\"Allow\",\"Principal\":{\"Service\":\"codebuild.amazonaws.com\"}}],\"Version\":\"2012-10-17\"}","description":null,"force_detach_policies":false,"max_session_duration":3600,"name":"static-nginx-dev-codebuild","path":"/","permissions_boundary":null,"tags":null,"tags_all":{"Environment":"dev","ManagedBy":"terraform","Project":"static-nginx"}},"sensitive_values":{"inline_policy":[],"managed_policy_arns":[],"tags_all":{}},"identity_schema_version":0,"identity":{"account_id":null,"name":null}},{"address":"aws_iam_role.codepipeline","mode":"managed","type":"aws_iam_role","name":"codepipeline","provider_name":"registry.terraform.io/hashicorp/aws","schema_version":0,"values":{"assume_role_policy":"{\"Statement\":[{\"Action\":\"sts:AssumeRole\",\"Effect\":\"Allow\",\"Principal\":{\"Service\":\"codepipeline.amazonaws.com\"}}],\"Version\":\"2012-10-17\"}","description":null,"force_detach_policies":false,"max_session_duration":3600,"name":"static-nginx-dev-codepipeline","path":"/","permissions_boundary":null,"tags":null,"tags_all":{"Environment":"dev","ManagedBy":"terraform","Project":"static-nginx"}},"sensitive_values":{"inline_policy":[],"managed_policy_arns":[],"tags_all":{}},"identity_schema_version":0,"identity":{"account_id":null,"name":null}},{"address":"aws_iam_role.ecs_task_execution","mode":"managed","type":"aws_iam_role","name":"ecs_task_execution","provider_name":"registry.terraform.io/hashicorp/aws","schema_version":0,"values":{"assume_role_policy":"{\"Statement\":[{\"Action\":\"sts:AssumeRole\",\"Effect\":\"Allow\",\"Principal\":{\"Service\":\"ecs-tasks.amazonaws.com\"}}],\"Version\":\"2012-10-17\"}","description":null,"force_detach_policies":false,"max_session_duration":3600,"name":"static-nginx-dev-ecs-task-exec","path":"/","permissions_boundary":null,"tags":null,"tags_all":{"Environment":"dev","ManagedBy":"terraform","Project":"static-nginx"}},"sensitive_values":{"inline_policy":[],"managed_policy_arns":[],"tags_all":{}},"identity_schema_version":0,"identity":{"account_id":null,"name":null}},{"address":"aws_iam_role_policy.codebuild","mode":"managed","type":"aws_iam_role_policy","name":"codebuild","provider_name":"registry.terraform.io/hashicorp/aws","schema_version":0,"values":{"name":"static-nginx-dev-codebuild-policy"},"sensitive_values":{},"identity_schema_version":0,"identity":{"account_id":null,"name":null,"role":null}},{"address":"aws_iam_role_policy.codepipeline","mode":"managed","type":"aws_iam_role_policy","name":"codepipeline","provider_name":"registry.terraform.io/hashicorp/aws","schema_version":0,"values":{"name":"static-nginx-dev-codepipeline-policy"},"sensitive_values":{},"identity_schema_version":0,"identity":{"account_id":null,"name":null,"role":null}},{"address":"aws_iam_role_policy_attachment.ecs_task_execution","mode":"managed","type":"aws_iam_role_policy_attachment","name":"ecs_task_execution","provider_name":"registry.terraform.io/hashicorp/aws","schema_version":0,"values":{"policy_arn":"arn:aws:iam::aws:policy/service-role/AmazonECSTaskExecutionRolePolicy","role":"static-nginx-dev-ecs-task-exec"},"sensitive_values":{},"identity_schema_version":0,"identity":{"account_id":null,"policy_arn":null,"role":null}},{"address":"aws_internet_gateway.this","mode":"managed","type":"aws_internet_gateway","name":"this","provider_name":"registry.terraform.io/hashicorp/aws","schema_version":0,"values":{"region":"us-east-1","tags":{"Name":"static-nginx-dev-igw"},"tags_all":{"Environment":"dev","ManagedBy":"terraform","Name":"static-nginx-dev-igw","Project":"static-nginx"},"timeouts":null},"sensitive_values":{"tags":{},"tags_all":{}}},{"address":"aws_lb.this","mode":"managed","type":"aws_lb","name":"this","provider_name":"registry.terraform.io/hashicorp/aws","schema_version":0,"values":{"access_logs":[],"client_keep_alive":3600,"connection_logs":[],"customer_owned_ipv4_pool":null,"desync_mitigation_mode":"defensive","dns_record_client_routing_policy":null,"drop_invalid_header_fields":false,"enable_cross_zone_load_balancing":null,"enable_deletion_protection":false,"enable_http2":true,"enable_tls_version_and_cipher_suite_headers":false,"enable_waf_fail_open":false,"enable_xff_client_port":false,"enable_zonal_shift":false,"health_check_logs":[],"idle_timeout":60,"internal":false,"ipam_pools":[],"load_balancer_type":"application","minimum_load_balancer_capacity":[],"name":"static-nginx-dev-alb","preserve_host_header":false,"region":"us-east-1","tags":{"Name":"static-nginx-dev-alb"},"tags_all":{"Environment":"dev","ManagedBy":"terraform","Name":"static-nginx-dev-alb","Project":"static-nginx"},"timeouts":null,"xff_header_processing_mode":"append"},"sensitive_values":{"access_logs":[],"connection_logs":[],"health_check_logs":[],"ipam_pools":[],"minimum_load_balancer_capacity":[],"security_groups":[],"subnet_mapping":[],"subnets":[],"tags":{},"tags_all":{}},"identity_schema_version":0,"identity":{"arn":null}},{"address":"aws_lb_listener.http","mode":"managed","type":"aws_lb_listener","name":"http","provider_name":"registry.terraform.io/hashicorp/aws","schema_version":0,"values":{"alpn_policy":null,"certificate_arn":null,"default_action":[{"authenticate_cognito":[],"authenticate_oidc":[],"fixed_response":[],"forward":[],"jwt_validation":[],"redirect":[],"type":"forward"}],"port":80,"protocol":"HTTP","region":"us-east-1","tags":null,"tags_all":{"Environment":"dev","ManagedBy":"terraform","Project":"static-nginx"},"timeouts":null},"sensitive_values":{"default_action":[{"authenticate_cognito":[],"authenticate_oidc":[],"fixed_response":[],"forward":[],"jwt_validation":[],"redirect":[]}],"mutual_authentication":[],"tags_all":{}},"identity_schema_version":0,"identity":{"arn":null}},{"address":"aws_lb_target_group.app","mode":"managed","type":"aws_lb_target_group","name":"app","provider_name":"registry.terraform.io/hashicorp/aws","schema_version":0,"values":{"deregistration_delay":"300","health_check":[{"enabled":true,"healthy_threshold":2,"interval":30,"matcher":"200-399","path":"/","port":"traffic-port","protocol":"HTTP","timeout":5,"unhealthy_threshold":2}],"lambda_multi_value_headers_enabled":false,"name":"static-nginx-dev-tg","port":80,"protocol":"HTTP","proxy_protocol_v2":false,"region":"us-east-1","slow_start":0,"tags":{"Name":"static-nginx-dev-tg"},"tags_all":{"Environment":"dev","ManagedBy":"terraform","Name":"static-nginx-dev-tg","Project":"static-nginx"},"target_control_port":null,"target_type":"ip"},"sensitive_values":{"health_check":[{}],"load_balancer_arns":[],"stickiness":[],"tags":{},"tags_all":{},"target_failover":[],"target_group_health":[],"target_health_state":[]},"identity_schema_version":0,"identity":{"arn":null}},{"address":"aws_nat_gateway.this[0]","mode":"managed","type":"aws_nat_gateway","name":"this","index":0,"provider_name":"registry.terraform.io/hashicorp/aws","schema_version":0,"values":{"availability_zone_address":[],"connectivity_type":"public","region":"us-east-1","tags":{"Name":"static-nginx-dev-nat-1"},"tags_all":{"Environment":"dev","ManagedBy":"terraform","Name":"static-nginx-dev-nat-1","Project":"static-nginx"},"timeouts":null},"sensitive_values":{"availability_zone_address":[],"regional_nat_gateway_address":[],"secondary_allocation_ids":[],"secondary_private_ip_addresses":[],"tags":{},"tags_all":{}}},{"address":"aws_nat_gateway.this[1]","mode":"managed","type":"aws_nat_gateway","name":"this","index":1,"provider_name":"registry.terraform.io/hashicorp/aws","schema_version":0,"values":{"availability_zone_address":[],"connectivity_type":"public","region":"us-east-1","tags":{"Name":"static-nginx-dev-nat-2"},"tags_all":{"Environment":"dev","ManagedBy":"terraform","Name":"static-nginx-dev-nat-2","Project":"static-nginx"},"timeouts":null},"sensitive_values":{"availability_zone_address":[],"regional_nat_gateway_address":[],"secondary_allocation_ids":[],"secondary_private_ip_addresses":[],"tags":{},"tags_all":{}}},{"address":"aws_route_table.private[0]","mode":"managed","type":"aws_route_table","name":"private","index":0,"provider_name":"registry.terraform.io/hashicorp/aws","schema_version":0,"values":{"region":"us-east-1","route":[{"carrier_gateway_id":"","cidr_block":"0.0.0.0/0","core_network_arn":"","destination_prefix_list_id":"","egress_only_gateway_id":"","gateway_id":"","ipv6_cidr_block":"","local_gateway_id":"","network_interface_id":"","transit_gateway_id":"","vpc_endpoint_id":"","vpc_peering_connection_id":""}],"tags":{"Name":"static-nginx-dev-private-rt-1"},"tags_all":{"Environment":"dev","ManagedBy":"terraform","Name":"static-nginx-dev-private-rt-1","Project":"static-nginx"},"timeouts":null},"sensitive_values":{"propagating_vgws":[],"route":[{}],"tags":{},"tags_all":{}},"identity_schema_version":0,"identity":{"account_id":null,"id":null,"region":null}},{"address":"aws_route_table.private[1]","mode":"managed","type":"aws_route_table","name":"private","index":1,"provider_name":"registry.terraform.io/hashicorp/aws","schema_version":0,"values":{"region":"us-east-1","route":[{"carrier_gateway_id":"","cidr_block":"0.0.0.0/0","core_network_arn":"","destination_prefix_list_id":"","egress_only_gateway_id":"","gateway_id":"","ipv6_cidr_block":"","local_gateway_id":"","network_interface_id":"","transit_gateway_id":"","vpc_endpoint_id":"","vpc_peering_connection_id":""}],"tags":{"Name":"static-nginx-dev-private-rt-2"},"tags_all":{"Environment":"dev","ManagedBy":"terraform","Name":"static-nginx-dev-private-rt-2","Project":"static-nginx"},"timeouts":null},"sensitive_values":{"propagating_vgws":[],"route":[{}],"tags":{},"tags_all":{}},"identity_schema_version":0,"identity":{"account_id":null,"id":null,"region":null}},{"address":"aws_route_table.public","mode":"managed","type":"aws_route_table","name":"public","provider_name":"registry.terraform.io/hashicorp/aws","schema_version":0,"values":{"region":"us-east-1","route":[{"carrier_gateway_id":"","cidr_block":"0.0.0.0/0","core_network_arn":"","destination_prefix_list_id":"","egress_only_gateway_id":"","ipv6_cidr_block":"","local_gateway_id":"","nat_gateway_id":"","network_interface_id":"","transit_gateway_id":"","vpc_endpoint_id":"","vpc_peering_connection_id":""}],"tags":{"Name":"static-nginx-dev-public-rt"},"tags_all":{"Environment":"dev","ManagedBy":"terraform","Name":"static-nginx-dev-public-rt","Project":"static-nginx"},"timeouts":null},"sensitive_values":{"propagating_vgws":[],"route":[{}],"tags":{},"tags_all":{}},"identity_schema_version":0,"identity":{"account_id":null,"id":null,"region":null}},{"address":"aws_route_table_association.private[0]","mode":"managed","type":"aws_route_table_association","name":"private","index":0,"provider_name":"registry.terraform.io/hashicorp/aws","schema_version":0,"values":{"gateway_id":null,"region":"us-east-1","timeouts":null},"sensitive_values":{}},{"address":"aws_route_table_association.private[1]","mode":"managed","type":"aws_route_table_association","name":"private","index":1,"provider_name":"registry.terraform.io/hashicorp/aws","schema_version":0,"values":{"gateway_id":null,"region":"us-east-1","timeouts":null},"sensitive_values":{}},{"address":"aws_route_table_association.public[0]","mode":"managed","type":"aws_route_table_association","name":"public","index":0,"provider_name":"registry.terraform.io/hashicorp/aws","schema_version":0,"values":{"gateway_id":null,"region":"us-east-1","timeouts":null},"sensitive_values":{}},{"address":"aws_route_table_association.public[1]","mode":"managed","type":"aws_route_table_association","name":"public","index":1,"provider_name":"registry.terraform.io/hashicorp/aws","schema_version":0,"values":{"gateway_id":null,"region":"us-east-1","timeouts":null},"sensitive_values":{}},{"address":"aws_s3_bucket.artifacts","mode":"managed","type":"aws_s3_bucket","name":"artifacts","provider_name":"registry.terraform.io/hashicorp/aws","schema_version":0,"values":{"bucket_prefix":"static-nginx-dev-artifacts-","force_destroy":true,"region":"us-east-1","tags":null,"tags_all":{"Environment":"dev","ManagedBy":"terraform","Project":"static-nginx"},"timeouts":null},"sensitive_values":{"cors_rule":[],"grant":[],"lifecycle_rule":[],"logging":[],"object_lock_configuration":[],"replication_configuration":[],"server_side_encryption_configuration":[],"tags_all":{},"versioning":[],"website":[]},"identity_schema_version":0,"identity":{"account_id":null,"bucket":null,"region":null}},{"address":"aws_s3_bucket.cloudtrail","mode":"managed","type":"aws_s3_bucket","name":"cloudtrail","provider_name":"registry.terraform.io/hashicorp/aws","schema_version":0,"values":{"bucket_prefix":"static-nginx-dev-cloudtrail-","force_destroy":true,"region":"us-east-1","tags":null,"tags_all":{"Environment":"dev","ManagedBy":"terraform","Project":"static-nginx"},"timeouts":null},"sensitive_values":{"cors_rule":[],"grant":[],"lifecycle_rule":[],"logging":[],"object_lock_configuration":[],"replication_configuration":[],"server_side_encryption_configuration":[],"tags_all":{},"versioning":[],"website":[]},"identity_schema_version":0,"identity":{"account_id":null,"bucket":null,"region":null}},{"address":"aws_s3_bucket_policy.cloudtrail","mode":"managed","type":"aws_s3_bucket_policy","name":"cloudtrail","provider_name":"registry.terraform.io/hashicorp/aws","schema_version":0,"values":{"region":"us-east-1"},"sensitive_values":{},"identity_schema_version":0,"identity":{"account_id":null,"bucket":null,"region":null}},{"address":"aws_s3_bucket_public_access_block.artifacts","mode":"managed","type":"aws_s3_bucket_public_access_block","name":"artifacts","provider_name":"registry.terraform.io/hashicorp/aws","schema_version":0,"values":{"block_public_acls":true,"block_public_policy":true,"ignore_public_acls":true,"region":"us-east-1","restrict_public_buckets":true,"skip_destroy":null},"sensitive_values":{},"identity_schema_version":0,"identity":{"account_id":null,"bucket":null,"region":null}},{"address":"aws_s3_bucket_public_access_block.cloudtrail","mode":"managed","type":"aws_s3_bucket_public_access_block","name":"cloudtrail","provider_name":"registry.terraform.io/hashicorp/aws","schema_version":0,"values":{"block_public_acls":true,"block_public_policy":true,"ignore_public_acls":true,"region":"us-east-1","restrict_public_buckets":true,"skip_destroy":null},"sensitive_values":{},"identity_schema_version":0,"identity":{"account_id":null,"bucket":null,"region":null}},{"address":"aws_s3_bucket_server_side_encryption_configuration.artifacts","mode":"managed","type":"aws_s3_bucket_server_side_encryption_configuration","name":"artifacts","provider_name":"registry.terraform.io/hashicorp/aws","schema_version":0,"values":{"expected_bucket_owner":null,"region":"us-east-1","rule":[{"apply_server_side_encryption_by_default":[{"kms_master_key_id":"","sse_algorithm":"AES256"}],"blocked_encryption_types":[],"bucket_key_enabled":null}]},"sensitive_values":{"rule":[{"apply_server_side_encryption_by_default":[{}],"blocked_encryption_types":[]}]},"identity_schema_version":0,"identity":{"account_id":null,"bucket":null,"expected_bucket_owner":null,"region":null}},{"address":"aws_s3_bucket_server_side_encryption_configuration.cloudtrail","mode":"managed","type":"aws_s3_bucket_server_side_encryption_configuration","name":"cloudtrail","provider_name":"registry.terraform.io/hashicorp/aws","schema_version":0,"values":{"expected_bucket_owner":null,"region":"us-east-1","rule":[{"apply_server_side_encryption_by_default":[{"kms_master_key_id":"","sse_algorithm":"AES256"}],"blocked_encryption_types":[],"bucket_key_enabled":null}]},"sensitive_values":{"rule":[{"apply_server_side_encryption_by_default":[{}],"blocked_encryption_types":[]}]},"identity_schema_version":0,"identity":{"account_id":null,"bucket":null,"expected_bucket_owner":null,"region":null}},{"address":"aws_s3_bucket_versioning.artifacts","mode":"managed","type":"aws_s3_bucket_versioning","name":"artifacts","provider_name":"registry.terraform.io/hashicorp/aws","schema_version":0,"values":{"expected_bucket_owner":null,"mfa":null,"region":"us-east-1","versioning_configuration":[{"status":"Enabled"}]},"sensitive_values":{"versioning_configuration":[{}]},"identity_schema_version":0,"identity":{"account_id":null,"bucket":null,"expected_bucket_owner":null,"region":null}},{"address":"aws_security_group.alb","mode":"managed","type":"aws_security_group","name":"alb","provider_name":"registry.terraform.io/hashicorp/aws","schema_version":1,"values":{"description":"ALB security group","egress":[{"cidr_blocks":["0.0.0.0/0"],"description":"","from_port":0,"ipv6_cidr_blocks":[],"prefix_list_ids":[],"protocol":"-1","security_groups":[],"self":false,"to_port":0}],"ingress":[{"cidr_blocks":["0.0.0.0/0"],"description":"HTTP","from_port":80,"ipv6_cidr_blocks":[],"prefix_list_ids":[],"protocol":"tcp","security_groups":[],"self":false,"to_port":80},{"cidr_blocks":["0.0.0.0/0"],"description":"HTTPS","from_port":443,"ipv6_cidr_blocks":[],"prefix_list_ids":[],"protocol":"tcp","security_groups":[],"self":false,"to_port":443}],"name":"static-nginx-dev-alb-sg","region":"us-east-1","revoke_rules_on_delete":false,"tags":{"Name":"static-nginx-dev-alb-sg"},"tags_all":{"Environment":"dev","ManagedBy":"terraform","Name":"static-nginx-dev-alb-sg","Project":"static-nginx"},"timeouts":null},"sensitive_values":{"egress":[{"cidr_blocks":[false],"ipv6_cidr_blocks":[],"prefix_list_ids":[],"security_groups":[]}],"ingress":[{"cidr_blocks":[false],"ipv6_cidr_blocks":[],"prefix_list_ids":[],"security_groups":[]},{"cidr_blocks":[false],"ipv6_cidr_blocks":[],"prefix_list_ids":[],"security_groups":[]}],"tags":{},"tags_all":{}},"identity_schema_version":0,"identity":{"account_id":null,"id":null,"region":null}},{"address":"aws_security_group.ecs","mode":"managed","type":"aws_security_group","name":"ecs","provider_name":"registry.terraform.io/hashicorp/aws","schema_version":1,"values":{"description":"ECS tasks security group","egress":[{"cidr_blocks":["0.0.0.0/0"],"description":"","from_port":0,"ipv6_cidr_blocks":[],"prefix_list_ids":[],"protocol":"-1","security_groups":[],"self":false,"to_port":0}],"ingress":[{"cidr_blocks":[],"description":"From ALB","from_port":80,"ipv6_cidr_blocks":[],"prefix_list_ids":[],"protocol":"tcp","self":false,"to_port":80}],"name":"static-nginx-dev-ecs-sg","region":"us-east-1","revoke_rules_on_delete":false,"tags":{"Name":"static-nginx-dev-ecs-sg"},"tags_all":{"Environment":"dev","ManagedBy":"terraform","Name":"static-nginx-dev-ecs-sg","Project":"static-nginx"},"timeouts":null},"sensitive_values":{"egress":[{"cidr_blocks":[false],"ipv6_cidr_blocks":[],"prefix_list_ids":[],"security_groups":[]}],"ingress":[{"cidr_blocks":[],"ipv6_cidr_blocks":[],"prefix_list_ids":[],"security_groups":[]}],"tags":{},"tags_all":{}},"identity_schema_version":0,"identity":{"account_id":null,"id":null,"region":null}},{"address":"aws_security_group.vpce","mode":"managed","type":"aws_security_group","name":"vpce","provider_name":"registry.terraform.io/hashicorp/aws","schema_version":1,"values":{"description":"Security group for interface VPC endpoints","egress":[{"cidr_blocks":["0.0.0.0/0"],"description":"","from_port":0,"ipv6_cidr_blocks":[],"prefix_list_ids":[],"protocol":"-1","security_groups":[],"self":false,"to_port":0}],"ingress":[{"cidr_blocks":["10.0.0.0/16"],"description":"HTTPS from within VPC","from_port":443,"ipv6_cidr_blocks":[],"prefix_list_ids":[],"protocol":"tcp","security_groups":[],"self":false,"to_port":443}],"name":"static-nginx-dev-vpce-sg","region":"us-east-1","revoke_rules_on_delete":false,"tags":{"Name":"static-nginx-dev-vpce-sg"},"tags_all":{"Environment":"dev","ManagedBy":"terraform","Name":"static-nginx-dev-vpce-sg","Project":"static-nginx"},"timeouts":null},"sensitive_values":{"egress":[{"cidr_blocks":[false],"ipv6_cidr_blocks":[],"prefix_list_ids":[],"security_groups":[]}],"ingress":[{"cidr_blocks":[false],"ipv6_cidr_blocks":[],"prefix_list_ids":[],"security_groups":[]}],"tags":{},"tags_all":{}},"identity_schema_version":0,"identity":{"account_id":null,"id":null,"region":null}},{"address":"aws_subnet.private[0]","mode":"managed","type":"aws_subnet","name":"private","index":0,"provider_name":"registry.terraform.io/hashicorp/aws","schema_version":1,"values":{"assign_ipv6_address_on_creation":false,"availability_zone":"us-east-1a","cidr_block":"10.0.10.0/24","customer_owned_ipv4_pool":null,"enable_dns64":false,"enable_lni_at_device_index":null,"enable_resource_name_dns_a_record_on_launch":false,"enable_resource_name_dns_aaaa_record_on_launch":false,"ipv6_cidr_block":null,"ipv6_native":false,"map_customer_owned_ip_on_launch":null,"map_public_ip_on_launch":false,"outpost_arn":null,"region":"us-east-1","tags":{"Name":"static-nginx-dev-private-1","Tier":"private"},"tags_all":{"Environment":"dev","ManagedBy":"terraform","Name":"static-nginx-dev-private-1","Project":"static-nginx","Tier":"private"},"timeouts":null},"sensitive_values":{"tags":{},"tags_all":{}},"identity_schema_version":0,"identity":{"account_id":null,"id":null,"region":null}},{"address":"aws_subnet.private[1]","mode":"managed","type":"aws_subnet","name":"private","index":1,"provider_name":"registry.terraform.io/hashicorp/aws","schema_version":1,"values":{"assign_ipv6_address_on_creation":false,"availability_zone":"us-east-1b","cidr_block":"10.0.11.0/24","customer_owned_ipv4_pool":null,"enable_dns64":false,"enable_lni_at_device_index":null,"enable_resource_name_dns_a_record_on_launch":false,"enable_resource_name_dns_aaaa_record_on_launch":false,"ipv6_cidr_block":null,"ipv6_native":false,"map_customer_owned_ip_on_launch":null,"map_public_ip_on_launch":false,"outpost_arn":null,"region":"us-east-1","tags":{"Name":"static-nginx-dev-private-2","Tier":"private"},"tags_all":{"Environment":"dev","ManagedBy":"terraform","Name":"static-nginx-dev-private-2","Project":"static-nginx","Tier":"private"},"timeouts":null},"sensitive_values":{"tags":{},"tags_all":{}},"identity_schema_version":0,"identity":{"account_id":null,"id":null,"region":null}},{"address":"aws_subnet.public[0]","mode":"managed","type":"aws_subnet","name":"public","index":0,"provider_name":"registry.terraform.io/hashicorp/aws","schema_version":1,"values":{"assign_ipv6_address_on_creation":false,"availability_zone":"us-east-1a","cidr_block":"10.0.0.0/24","customer_owned_ipv4_pool":null,"enable_dns64":false,"enable_lni_at_device_index":null,"enable_resource_name_dns_a_record_on_launch":false,"enable_resource_name_dns_aaaa_record_on_launch":false,"ipv6_cidr_block":null,"ipv6_native":false,"map_customer_owned_ip_on_launch":null,"map_public_ip_on_launch":true,"outpost_arn":null,"region":"us-east-1","tags":{"Name":"static-nginx-dev-public-1","Tier":"public"},"tags_all":{"Environment":"dev","ManagedBy":"terraform","Name":"static-nginx-dev-public-1","Project":"static-nginx","Tier":"public"},"timeouts":null},"sensitive_values":{"tags":{},"tags_all":{}},"identity_schema_version":0,"identity":{"account_id":null,"id":null,"region":null}},{"address":"aws_subnet.public[1]","mode":"managed","type":"aws_subnet","name":"public","index":1,"provider_name":"registry.terraform.io/hashicorp/aws","schema_version":1,"values":{"assign_ipv6_address_on_creation":false,"availability_zone":"us-east-1b","cidr_block":"10.0.1.0/24","customer_owned_ipv4_pool":null,"enable_dns64":false,"enable_lni_at_device_index":null,"enable_resource_name_dns_a_record_on_launch":false,"enable_resource_name_dns_aaaa_record_on_launch":false,"ipv6_cidr_block":null,"ipv6_native":false,"map_customer_owned_ip_on_launch":null,"map_public_ip_on_launch":true,"outpost_arn":null,"region":"us-east-1","tags":{"Name":"static-nginx-dev-public-2","Tier":"public"},"tags_all":{"Environment":"dev","ManagedBy":"terraform","Name":"static-nginx-dev-public-2","Project":"static-nginx","Tier":"public"},"timeouts":null},"sensitive_values":{"tags":{},"tags_all":{}},"identity_schema_version":0,"identity":{"account_id":null,"id":null,"region":null}},{"address":"aws_vpc.this","mode":"managed","type":"aws_vpc","name":"this","provider_name":"registry.terraform.io/hashicorp/aws","schema_version":1,"values":{"assign_generated_ipv6_cidr_block":null,"cidr_block":"10.0.0.0/16","enable_dns_hostnames":true,"enable_dns_support":true,"instance_tenancy":"default","ipv4_ipam_pool_id":null,"ipv4_netmask_length":null,"ipv6_ipam_pool_id":null,"ipv6_netmask_length":null,"region":"us-east-1","tags":{"Name":"static-nginx-dev-vpc"},"tags_all":{"Environment":"dev","ManagedBy":"terraform","Name":"static-nginx-dev-vpc","Project":"static-nginx"}},"sensitive_values":{"tags":{},"tags_all":{}},"identity_schema_version":0,"identity":{"account_id":null,"id":null,"region":null}},{"address":"aws_vpc_endpoint.ecr_api","mode":"managed","type":"aws_vpc_endpoint","name":"ecr_api","provider_name":"registry.terraform.io/hashicorp/aws","schema_version":0,"values":{"auto_accept":null,"private_dns_enabled":true,"region":"us-east-1","resource_configuration_arn":null,"service_name":"com.amazonaws.us-east-1.ecr.api","service_network_arn":null,"tags":{"Name":"static-nginx-dev-ecr-api-endpoint"},"tags_all":{"Environment":"dev","ManagedBy":"terraform","Name":"static-nginx-dev-ecr-api-endpoint","Project":"static-nginx"},"timeouts":null,"vpc_endpoint_type":"Interface"},"sensitive_values":{"cidr_blocks":[],"dns_entry":[],"dns_options":[],"network_interface_ids":[],"route_table_ids":[],"security_group_ids":[],"subnet_configuration":[],"subnet_ids":[],"tags":{},"tags_all":{}},"identity_schema_version":0,"identity":{"account_id":null,"id":null,"region":null}},{"address":"aws_vpc_endpoint.ecr_dkr","mode":"managed","type":"aws_vpc_endpoint","name":"ecr_dkr","provider_name":"registry.terraform.io/hashicorp/aws","schema_version":0,"values":{"auto_accept":null,"private_dns_enabled":true,"region":"us-east-1","resource_configuration_arn":null,"service_name":"com.amazonaws.us-east-1.ecr.dkr","service_network_arn":null,"tags":{"Name":"static-nginx-dev-ecr-dkr-endpoint"},"tags_all":{"Environment":"dev","ManagedBy":"terraform","Name":"static-nginx-dev-ecr-dkr-endpoint","Project":"static-nginx"},"timeouts":null,"vpc_endpoint_type":"Interface"},"sensitive_values":{"cidr_blocks":[],"dns_entry":[],"dns_options":[],"network_interface_ids":[],"route_table_ids":[],"security_group_ids":[],"subnet_configuration":[],"subnet_ids":[],"tags":{},"tags_all":{}},"identity_schema_version":0,"identity":{"account_id":null,"id":null,"region":null}},{"address":"aws_vpc_endpoint.logs","mode":"managed","type":"aws_vpc_endpoint","name":"logs","provider_name":"registry.terraform.io/hashicorp/aws","schema_version":0,"values":{"auto_accept":null,"private_dns_enabled":true,"region":"us-east-1","resource_configuration_arn":null,"service_name":"com.amazonaws.us-east-1.logs","service_network_arn":null,"tags":{"Name":"static-nginx-dev-logs-endpoint"},"tags_all":{"Environment":"dev","ManagedBy":"terraform","Name":"static-nginx-dev-logs-endpoint","Project":"static-nginx"},"timeouts":null,"vpc_endpoint_type":"Interface"},"sensitive_values":{"cidr_blocks":[],"dns_entry":[],"dns_options":[],"network_interface_ids":[],"route_table_ids":[],"security_group_ids":[],"subnet_configuration":[],"subnet_ids":[],"tags":{},"tags_all":{}},"identity_schema_version":0,"identity":{"account_id":null,"id":null,"region":null}},{"address":"aws_vpc_endpoint.s3","mode":"managed","type":"aws_vpc_endpoint","name":"s3","provider_name":"registry.terraform.io/hashicorp/aws","schema_version":0,"values":{"auto_accept":null,"region":"us-east-1","resource_configuration_arn":null,"service_name":"com.amazonaws.us-east-1.s3","service_network_arn":null,"tags":{"Name":"static-nginx-dev-s3-endpoint"},"tags_all":{"Environment":"dev","ManagedBy":"terraform","Name":"static-nginx-dev-s3-endpoint","Project":"static-nginx"},"timeouts":null,"vpc_endpoint_type":"Gateway"},"sensitive_values":{"cidr_blocks":[],"dns_entry":[],"dns_options":[],"network_interface_ids":[],"route_table_ids":[],"security_group_ids":[],"subnet_configuration":[],"subnet_ids":[],"tags":{},"tags_all":{}},"identity_schema_version":0,"identity":{"account_id":null,"id":null,"region":null}}]}},"resource_changes":[{"address":"aws_appautoscaling_policy.cpu","mode":"managed","type":"aws_appautoscaling_policy","name":"cpu","provider_name":"registry.terraform.io/hashicorp/aws","change":{"actions":["create"],"before":null,"after":{"name":"static-nginx-dev-cpu-scaling","policy_type":"TargetTrackingScaling","predictive_scaling_policy_configuration":[],"region":"us-east-1","resource_id":"service/static-nginx-dev-cluster/static-nginx-dev-svc","scalable_dimension":"ecs:service:DesiredCount","service_namespace":"ecs","step_scaling_policy_configuration":[],"target_tracking_scaling_policy_configuration":[{"customized_metric_specification":[],"disable_scale_in":false,"predefined_metric_specification":[{"predefined_metric_type":"ECSServiceAverageCPUUtilization","resource_label":null}],"scale_in_cooldown":60,"scale_out_cooldown":60,"target_value":50}]},"after_unknown":{"alarm_arns":true,"arn":true,"id":true,"predictive_scaling_policy_configuration":[],"step_scaling_policy_configuration":[],"target_tracking_scaling_policy_configuration":[{"customized_metric_specification":[],"predefined_metric_specification":[{}]}]},"before_sensitive":false,"after_sensitive":{"alarm_arns":[],"predictive_scaling_policy_configuration":[],"step_scaling_policy_configuration":[],"target_tracking_scaling_policy_configuration":[{"customized_metric_specification":[],"predefined_metric_specification":[{}]}]}}},{"address":"aws_appautoscaling_target.ecs","mode":"managed","type":"aws_appautoscaling_target","name":"ecs","provider_name":"registry.terraform.io/hashicorp/aws","change":{"actions":["create"],"before":null,"after":{"max_capacity":4,"min_capacity":2,"region":"us-east-1","resource_id":"service/static-nginx-dev-cluster/static-nginx-dev-svc","scalable_dimension":"ecs:service:DesiredCount","service_namespace":"ecs","tags":null,"tags_all":{"Environment":"dev","ManagedBy":"terraform","Project":"static-nginx"}},"after_unknown":{"arn":true,"id":true,"role_arn":true,"suspended_state":true,"tags_all":{}},"before_sensitive":false,"after_sensitive":{"suspended_state":[],"tags_all":{}}}},{"address":"aws_cloudtrail.this","mode":"managed","type":"aws_cloudtrail","name":"this","provider_name":"registry.terraform.io/hashicorp/aws","change":{"actions":["create"],"before":null,"after":{"advanced_event_selector":[],"cloud_watch_logs_group_arn":null,"cloud_watch_logs_role_arn":null,"enable_log_file_validation":false,"enable_logging":true,"event_selector":[],"include_global_service_events":true,"insight_selector":[],"is_multi_region_trail":true,"is_organization_trail":false,"kms_key_id":null,"name":"static-nginx-dev-trail","region":"us-east-1","s3_key_prefix":null,"sns_topic_name":null,"tags":null,"tags_all":{"Environment":"dev","ManagedBy":"terraform","Project":"static-nginx"}},"after_unknown":{"advanced_event_selector":[],"arn":true,"event_selector":[],"home_region":true,"id":true,"insight_selector":[],"s3_bucket_name":true,"sns_topic_arn":true,"tags_all":{}},"before_sensitive":false,"after_sensitive":{"advanced_event_selector":[],"event_selector":[],"insight_selector":[],"tags_all":{}},"after_identity":{"arn":null}}},{"address":"aws_cloudwatch_log_group.app","mode":"managed","type":"aws_cloudwatch_log_group","name":"app","provider_name":"registry.terraform.io/hashicorp/aws","change":{"actions":["create"],"before":null,"after":{"kms_key_id":null,"name":"/ecs/static-nginx-dev","region":"us-east-1","retention_in_days":14,"skip_destroy":false,"tags":null,"tags_all":{"Environment":"dev","ManagedBy":"terraform","Project":"static-nginx"}},"after_unknown":{"arn":true,"deletion_protection_enabled":true,"id":true,"log_group_class":true,"name_prefix":true,"tags_all":{}},"before_sensitive":false,"after_sensitive":{"tags_all":{}},"after_identity":{"account_id":null,"name":null,"region":null}}},{"address":"aws_codebuild_project.app","mode":"managed","type":"aws_codebuild_project","name":"app","provider_name":"registry.terraform.io/hashicorp/aws","change":{"actions":["create"],"before":null,"after":{"artifacts":[{"artifact_identifier":null,"bucket_owner_access":null,"encryption_disabled":false,"location":null,"name":null,"namespace_type":null,"override_artifact_name":false,"packaging":null,"path":null,"type":"CODEPIPELINE"}],"badge_enabled":false,"build_batch_config":[],"build_timeout":60,"cache":[],"concurrent_build_limit":null,"description":"Build and push Docker image to ECR","environment":[{"certificate":null,"compute_type":"BUILD_GENERAL1_SMALL","docker_server":[],"environment_variable":[{"name":"AWS_ACCOUNT_ID","type":"PLAINTEXT","value":"000000000000"},{"name":"AWS_DEFAULT_REGION","type":"PLAINTEXT","value":"us-east-1"},{"name":"IMAGE_REPO_NAME","type":"PLAINTEXT","value":"static-nginx-dev-app"},{"name":"CONTAINER_NAME","type":"PLAINTEXT","value":"nginx"}],"fleet":[],"image":"aws/codebuild/standard:7.0","image_pull_credentials_type":"CODEBUILD","privileged_mode":true,"registry_credential":[],"type":"LINUX_CONTAINER"}],"file_system_locations":[],"logs_config":[{"cloudwatch_logs":[{"group_name":"/codebuild/static-nginx-dev","status":"ENABLED","stream_name":"build"}],"s3_logs":[]}],"name":"static-nginx-dev-build","project_visibility":"PRIVATE","queued_timeout":480,"region":"us-east-1","resource_access_role":null,"secondary_artifacts":[],"secondary_source_version":[],"secondary_sources":[],"source":[{"auth":[],"build_status_config":[],"buildspec":"buildspec.yml","git_clone_depth":null,"git_submodules_config":[],"insecure_ssl":null,"location":null,"report_build_status":null,"type":"CODEPIPELINE"}],"source_version":null,"tags":null,"tags_all":{"Environment":"dev","ManagedBy":"terraform","Project":"static-nginx"},"vpc_config":[]},"after_unknown":{"arn":true,"artifacts":[{}],"auto_retry_limit":true,"badge_url":true,"build_batch_config":[],"cache":[],"encryption_key":true,"environment":[{"docker_server":[],"environment_variable":[{},{},{},{}],"fleet":[],"registry_credential":[]}],"file_system_locations":[],"id":true,"logs_config":[{"cloudwatch_logs":[{}],"s3_logs":[]}],"public_project_alias":true,"secondary_artifacts":[],"secondary_source_version":[],"secondary_sources":[],"service_role":true,"source":[{"auth":[],"build_status_config":[],"git_submodules_config":[]}],"tags_all":{},"vpc_config":[]},"before_sensitive":false,"after_sensitive":{"artifacts":[{}],"build_batch_config":[],"cache":[],"environment":[{"docker_server":[],"environment_variable":[{},{},{},{}],"fleet":[],"registry_credential":[]}],"file_system_locations":[],"logs_config":[{"cloudwatch_logs":[{}],"s3_logs":[]}],"secondary_artifacts":[],"secondary_source_version":[],"secondary_sources":[],"source":[{"auth":[],"build_status_config":[],"git_submodules_config":[]}],"tags_all":{},"vpc_config":[]},"after_identity":{"arn":null}}},{"address":"aws_codecommit_repository.app","mode":"managed","type":"aws_codecommit_repository","name":"app","provider_name":"registry.terraform.io/hashicorp/aws","change":{"actions":["create"],"before":null,"after":{"default_branch":null,"description":"Source repository for static-nginx-dev","region":"us-east-1","repository_name":"static-nginx-dev-repo","tags":null,"tags_all":{"Environment":"dev","ManagedBy":"terraform","Project":"static-nginx"}},"after_unknown":{"arn":true,"clone_url_http":true,"clone_url_ssh":true,"id":true,"kms_key_id":true,"repository_id":true,"tags_all":{}},"before_sensitive":false,"after_sensitive":{"tags_all":{}}}},{"address":"aws_codepipeline.app","mode":"managed","type":"aws_codepipeline","name":"app","provider_name":"registry.terraform.io/hashicorp/aws","change":{"actions":["create"],"before":null,"after":{"artifact_store":[{"encryption_key":[],"region":"","type":"S3"}],"execution_mode":"SUPERSEDED","name":"static-nginx-dev-pipeline","pipeline_type":"V1","region":"us-east-1","stage":[{"action":[{"category":"Source","configuration":{"BranchName":"main","PollForSourceChanges":"true","RepositoryName":"static-nginx-dev-repo"},"input_artifacts":null,"name":"Source","namespace":null,"output_artifacts":["source_output"],"owner":"AWS","provider":"CodeCommit","role_arn":null,"timeout_in_minutes":null,"version":"1"}],"before_entry":[],"name":"Source","on_failure":[],"on_success":[]},{"action":[{"category":"Build","configuration":{"ProjectName":"static-nginx-dev-build"},"input_artifacts":["source_output"],"name":"Build","namespace":null,"output_artifacts":["build_output"],"owner":"AWS","provider":"CodeBuild","role_arn":null,"timeout_in_minutes":null,"version":"1"}],"before_entry":[],"name":"Build","on_failure":[],"on_success":[]},{"action":[{"category":"Deploy","configuration":{"ClusterName":"static-nginx-dev-cluster","FileName":"imagedefinitions.json","ServiceName":"static-nginx-dev-svc"},"input_artifacts":["build_output"],"name":"Deploy","namespace":null,"output_artifacts":null,"owner":"AWS","provider":"ECS","role_arn":null,"timeout_in_minutes":null,"version":"1"}],"before_entry":[],"name":"Deploy","on_failure":[],"on_success":[]}],"tags":null,"tags_all":{"Environment":"dev","ManagedBy":"terraform","Project":"static-nginx"},"trigger":[],"variable":[]},"after_unknown":{"arn":true,"artifact_store":[{"encryption_key":[],"location":true}],"id":true,"role_arn":true,"stage":[{"action":[{"configuration":{},"output_artifacts":[false],"region":true,"run_order":true}],"before_entry":[],"on_failure":[],"on_success":[]},{"action":[{"configuration":{},"input_artifacts":[false],"output_artifacts":[false],"region":true,"run_order":true}],"before_entry":[],"on_failure":[],"on_success":[]},{"action":[{"configuration":{},"input_artifacts":[false],"region":true,"run_order":true}],"before_entry":[],"on_failure":[],"on_success":[]}],"tags_all":{},"trigger":[],"trigger_all":true,"variable":[]},"before_sensitive":false,"after_sensitive":{"artifact_store":[{"encryption_key":[]}],"stage":[{"action":[{"configuration":{},"output_artifacts":[false]}],"before_entry":[],"on_failure":[],"on_success":[]},{"action":[{"configuration":{},"input_artifacts":[false],"output_artifacts":[false]}],"before_entry":[],"on_failure":[],"on_success":[]},{"action":[{"configuration":{},"input_artifacts":[false]}],"before_entry":[],"on_failure":[],"on_success":[]}],"tags_all":{},"trigger":[],"trigger_all":[],"variable":[]}}},{"address":"aws_ecr_lifecycle_policy.app","mode":"managed","type":"aws_ecr_lifecycle_policy","name":"app","provider_name":"registry.terraform.io/hashicorp/aws","change":{"actions":["create"],"before":null,"after":{"policy":"{\"rules\":[{\"action\":{\"type\":\"expire\"},\"description\":\"Expire untagged images older than 7 days\",\"rulePriority\":1,\"selection\":{\"countNumber\":7,\"countType\":\"sinceImagePushed\",\"countUnit\":\"days\",\"tagStatus\":\"untagged\"}},{\"action\":{\"type\":\"expire\"},\"description\":\"Keep last 30 images\",\"rulePriority\":2,\"selection\":{\"countNumber\":30,\"countType\":\"imageCountMoreThan\",\"tagStatus\":\"any\"}}]}","region":"us-east-1","repository":"static-nginx-dev-app"},"after_unknown":{"id":true,"registry_id":true},"before_sensitive":false,"after_sensitive":{},"after_identity":{"account_id":null,"region":null,"repository":null}}},{"address":"aws_ecr_repository.app","mode":"managed","type":"aws_ecr_repository","name":"app","provider_name":"registry.terraform.io/hashicorp/aws","change":{"actions":["create"],"before":null,"after":{"encryption_configuration":[{"encryption_type":"AES256"}],"force_delete":null,"image_scanning_configuration":[{"scan_on_push":true}],"image_tag_mutability":"MUTABLE","image_tag_mutability_exclusion_filter":[],"name":"static-nginx-dev-app","region":"us-east-1","tags":{"Name":"static-nginx-dev-ecr"},"tags_all":{"Environment":"dev","ManagedBy":"terraform","Name":"static-nginx-dev-ecr","Project":"static-nginx"},"timeouts":null},"after_unknown":{"arn":true,"encryption_configuration":[{"kms_key":true}],"id":true,"image_scanning_configuration":[{}],"image_tag_mutability_exclusion_filter":[],"registry_id":true,"repository_url":true,"tags":{},"tags_all":{}},"before_sensitive":false,"after_sensitive":{"encryption_configuration":[{}],"image_scanning_configuration":[{}],"image_tag_mutability_exclusion_filter":[],"tags":{},"tags_all":{}},"after_identity":{"account_id":null,"name":null,"region":null}}},{"address":"aws_ecs_cluster.this","mode":"managed","type":"aws_ecs_cluster","name":"this","provider_name":"registry.terraform.io/hashicorp/aws","change":{"actions":["create"],"before":null,"after":{"configuration":[],"name":"static-nginx-dev-cluster","region":"us-east-1","service_connect_defaults":[],"setting":[{"name":"containerInsights","value":"enabled"}],"tags":null,"tags_all":{"Environment":"dev","ManagedBy":"terraform","Project":"static-nginx"}},"after_unknown":{"arn":true,"configuration":[],"id":true,"service_connect_defaults":[],"setting":[{}],"tags_all":{}},"before_sensitive":false,"after_sensitive":{"configuration":[],"service_connect_defaults":[],"setting":[{}],"tags_all":{}}}},{"address":"aws_ecs_service.app","mode":"managed","type":"aws_ecs_service","name":"app","provider_name":"registry.terraform.io/hashicorp/aws","change":{"actions":["create"],"before":null,"after":{"alarms":[],"capacity_provider_strategy":[],"deployment_circuit_breaker":[],"deployment_controller":[],"deployment_maximum_percent":200,"deployment_minimum_healthy_percent":50,"desired_count":2,"enable_ecs_managed_tags":false,"enable_execute_command":false,"force_delete":null,"force_new_deployment":null,"health_check_grace_period_seconds":null,"launch_type":"FARGATE","load_balancer":[{"advanced_configuration":[],"container_name":"nginx","container_port":80,"elb_name":""}],"name":"static-nginx-dev-svc","network_configuration":[{"assign_public_ip":false}],"ordered_placement_strategy":[],"placement_constraints":[],"propagate_tags":null,"region":"us-east-1","scheduling_strategy":"REPLICA","service_connect_configuration":[],"service_registries":[],"sigint_rollback":null,"tags":null,"tags_all":{"Environment":"dev","ManagedBy":"terraform","Project":"static-nginx"},"timeouts":null,"volume_configuration":[],"vpc_lattice_configurations":[],"wait_for_steady_state":false},"after_unknown":{"alarms":[],"arn":true,"availability_zone_rebalancing":true,"capacity_provider_strategy":[],"cluster":true,"deployment_circuit_breaker":[],"deployment_configuration":true,"deployment_controller":[],"iam_role":true,"id":true,"load_balancer":[{"advanced_configuration":[],"target_group_arn":true}],"network_configuration":[{"security_groups":true,"subnets":true}],"ordered_placement_strategy":[],"placement_constraints":[],"platform_version":true,"service_connect_configuration":[],"service_registries":[],"tags_all":{},"task_definition":true,"triggers":true,"volume_configuration":[],"vpc_lattice_configurations":[]},"before_sensitive":false,"after_sensitive":{"alarms":[],"capacity_provider_strategy":[],"deployment_circuit_breaker":[],"deployment_configuration":[],"deployment_controller":[],"load_balancer":[{"advanced_configuration":[]}],"network_configuration":[{"security_groups":[],"subnets":[]}],"ordered_placement_strategy":[],"placement_constraints":[],"service_connect_configuration":[],"service_registries":[],"tags_all":{},"triggers":{},"volume_configuration":[],"vpc_lattice_configurations":[]}}},{"address":"aws_ecs_task_definition.app","mode":"managed","type":"aws_ecs_task_definition","name":"app","provider_name":"registry.terraform.io/hashicorp/aws","change":{"actions":["create"],"before":null,"after":{"cpu":"256","ephemeral_storage":[],"family":"static-nginx-dev-task","ipc_mode":null,"memory":"512","network_mode":"awsvpc","pid_mode":null,"placement_constraints":[],"proxy_configuration":[],"region":"us-east-1","requires_compatibilities":["FARGATE"],"runtime_platform":[],"skip_destroy":false,"tags":null,"tags_all":{"Environment":"dev","ManagedBy":"terraform","Project":"static-nginx"},"task_role_arn":null,"track_latest":false,"volume":[]},"after_unknown":{"arn":true,"arn_without_revision":true,"container_definitions":true,"enable_fault_injection":true,"ephemeral_storage":[],"execution_role_arn":true,"id":true,"placement_constraints":[],"proxy_configuration":[],"requires_compatibilities":[false],"revision":true,"runtime_platform":[],"tags_all":{},"volume":[]},"before_sensitive":false,"after_sensitive":{"ephemeral_storage":[],"placement_constraints":[],"proxy_configuration":[],"requires_compatibilities":[false],"runtime_platform":[],"tags_all":{},"volume":[]}}},{"address":"aws_eip.nat[0]","mode":"managed","type":"aws_eip","name":"nat","index":0,"provider_name":"registry.terraform.io/hashicorp/aws","change":{"actions":["create"],"before":null,"after":{"address":null,"associate_with_private_ip":null,"customer_owned_ipv4_pool":null,"domain":"vpc","region":"us-east-1","tags":{"Name":"static-nginx-dev-nat-eip-1"},"tags_all":{"Environment":"dev","ManagedBy":"terraform","Name":"static-nginx-dev-nat-eip-1","Project":"static-nginx"},"timeouts":null},"after_unknown":{"allocation_id":true,"arn":true,"association_id":true,"carrier_ip":true,"customer_owned_ip":true,"id":true,"instance":true,"ipam_pool_id":true,"network_border_group":true,"network_interface":true,"private_dns":true,"private_ip":true,"ptr_record":true,"public_dns":true,"public_ip":true,"public_ipv4_pool":true,"tags":{},"tags_all":{}},"before_sensitive":false,"after_sensitive":{"tags":{},"tags_all":{}}}},{"address":"aws_eip.nat[1]","mode":"managed","type":"aws_eip","name":"nat","index":1,"provider_name":"registry.terraform.io/hashicorp/aws","change":{"actions":["create"],"before":null,"after":{"address":null,"associate_with_private_ip":null,"customer_owned_ipv4_pool":null,"domain":"vpc","region":"us-east-1","tags":{"Name":"static-nginx-dev-nat-eip-2"},"tags_all":{"Environment":"dev","ManagedBy":"terraform","Name":"static-nginx-dev-nat-eip-2","Project":"static-nginx"},"timeouts":null},"after_unknown":{"allocation_id":true,"arn":true,"association_id":true,"carrier_ip":true,"customer_owned_ip":true,"id":true,"instance":true,"ipam_pool_id":true,"network_border_group":true,"network_interface":true,"private_dns":true,"private_ip":true,"ptr_record":true,"public_dns":true,"public_ip":true,"public_ipv4_pool":true,"tags":{},"tags_all":{}},"before_sensitive":false,"after_sensitive":{"tags":{},"tags_all":{}}}},{"address":"aws_iam_role.codebuild","mode":"managed","type":"aws_iam_role","name":"codebuild","provider_name":"registry.terraform.io/hashicorp/aws","change":{"actions":["create"],"before":null,"after":{"assume_role_policy":"{\"Statement\":[{\"Action\":\"sts:AssumeRole\",\"Effect\":\"Allow\",\"Principal\":{\"Service\":\"codebuild.amazonaws.com\"}}],\"Version\":\"2012-10-17\"}","description":null,"force_detach_policies":false,"max_session_duration":3600,"name":"static-nginx-dev-codebuild","path":"/","permissions_boundary":null,"tags":null,"tags_all":{"Environment":"dev","ManagedBy":"terraform","Project":"static-nginx"}},"after_unknown":{"arn":true,"create_date":true,"id":true,"inline_policy":true,"managed_policy_arns":true,"name_prefix":true,"tags_all":{},"unique_id":true},"before_sensitive":false,"after_sensitive":{"inline_policy":[],"managed_policy_arns":[],"tags_all":{}},"after_identity":{"account_id":null,"name":null}}},{"address":"aws_iam_role.codepipeline","mode":"managed","type":"aws_iam_role","name":"codepipeline","provider_name":"registry.terraform.io/hashicorp/aws","change":{"actions":["create"],"before":null,"after":{"assume_role_policy":"{\"Statement\":[{\"Action\":\"sts:AssumeRole\",\"Effect\":\"Allow\",\"Principal\":{\"Service\":\"codepipeline.amazonaws.com\"}}],\"Version\":\"2012-10-17\"}","description":null,"force_detach_policies":false,"max_session_duration":3600,"name":"static-nginx-dev-codepipeline","path":"/","permissions_boundary":null,"tags":null,"tags_all":{"Environment":"dev","ManagedBy":"terraform","Project":"static-nginx"}},"after_unknown":{"arn":true,"create_date":true,"id":true,"inline_policy":true,"managed_policy_arns":true,"name_prefix":true,"tags_all":{},"unique_id":true},"before_sensitive":false,"after_sensitive":{"inline_policy":[],"managed_policy_arns":[],"tags_all":{}},"after_identity":{"account_id":null,"name":null}}},{"address":"aws_iam_role.ecs_task_execution","mode":"managed","type":"aws_iam_role","name":"ecs_task_execution","provider_name":"registry.terraform.io/hashicorp/aws","change":{"actions":["create"],"before":null,"after":{"assume_role_policy":"{\"Statement\":[{\"Action\":\"sts:AssumeRole\",\"Effect\":\"Allow\",\"Principal\":{\"Service\":\"ecs-tasks.amazonaws.com\"}}],\"Version\":\"2012-10-17\"}","description":null,"force_detach_policies":false,"max_session_duration":3600,"name":"static-nginx-dev-ecs-task-exec","path":"/","permissions_boundary":null,"tags":null,"tags_all":{"Environment":"dev","ManagedBy":"terraform","Project":"static-nginx"}},"after_unknown":{"arn":true,"create_date":true,"id":true,"inline_policy":true,"managed_policy_arns":true,"name_prefix":true,"tags_all":{},"unique_id":true},"before_sensitive":false,"after_sensitive":{"inline_policy":[],"managed_policy_arns":[],"tags_all":{}},"after_identity":{"account_id":null,"name":null}}},{"address":"aws_iam_role_policy.codebuild","mode":"managed","type":"aws_iam_role_policy","name":"codebuild","provider_name":"registry.terraform.io/hashicorp/aws","change":{"actions":["create"],"before":null,"after":{"name":"static-nginx-dev-codebuild-policy"},"after_unknown":{"id":true,"name_prefix":true,"policy":true,"role":true},"before_sensitive":false,"after_sensitive":{},"after_identity":{"account_id":null,"name":null,"role":null}}},{"address":"aws_iam_role_policy.codepipeline","mode":"managed","type":"aws_iam_role_policy","name":"codepipeline","provider_name":"registry.terraform.io/hashicorp/aws","change":{"actions":["create"],"before":null,"after":{"name":"static-nginx-dev-codepipeline-policy"},"after_unknown":{"id":true,"name_prefix":true,"policy":true,"role":true},"before_sensitive":false,"after_sensitive":{},"after_identity":{"account_id":null,"name":null,"role":null}}},{"address":"aws_iam_role_policy_attachment.ecs_task_execution","mode":"managed","type":"aws_iam_role_policy_attachment","name":"ecs_task_execution","provider_name":"registry.terraform.io/hashicorp/aws","change":{"actions":["create"],"before":null,"after":{"policy_arn":"arn:aws:iam::aws:policy/service-role/AmazonECSTaskExecutionRolePolicy","role":"static-nginx-dev-ecs-task-exec"},"after_unknown":{"id":true},"before_sensitive":false,"after_sensitive":{},"after_identity":{"account_id":null,"policy_arn":null,"role":null}}},{"address":"aws_internet_gateway.this","mode":"managed","type":"aws_internet_gateway","name":"this","provider_name":"registry.terraform.io/hashicorp/aws","change":{"actions":["create"],"before":null,"after":{"region":"us-east-1","tags":{"Name":"static-nginx-dev-igw"},"tags_all":{"Environment":"dev","ManagedBy":"terraform","Name":"static-nginx-dev-igw","Project":"static-nginx"},"timeouts":null},"after_unknown":{"arn":true,"id":true,"owner_id":true,"tags":{},"tags_all":{},"vpc_id":true},"before_sensitive":false,"after_sensitive":{"tags":{},"tags_all":{}}}},{"address":"aws_lb.this","mode":"managed","type":"aws_lb","name":"this","provider_name":"registry.terraform.io/hashicorp/aws","change":{"actions":["create"],"before":null,"after":{"access_logs":[],"client_keep_alive":3600,"connection_logs":[],"customer_owned_ipv4_pool":null,"desync_mitigation_mode":"defensive","dns_record_client_routing_policy":null,"drop_invalid_header_fields":false,"enable_cross_zone_load_balancing":null,"enable_deletion_protection":false,"enable_http2":true,"enable_tls_version_and_cipher_suite_headers":false,"enable_waf_fail_open":false,"enable_xff_client_port":false,"enable_zonal_shift":false,"health_check_logs":[],"idle_timeout":60,"internal":false,"ipam_pools":[],"load_balancer_type":"application","minimum_load_balancer_capacity":[],"name":"static-nginx-dev-alb","preserve_host_header":false,"region":"us-east-1","tags":{"Name":"static-nginx-dev-alb"},"tags_all":{"Environment":"dev","ManagedBy":"terraform","Name":"static-nginx-dev-alb","Project":"static-nginx"},"timeouts":null,"xff_header_processing_mode":"append"},"after_unknown":{"access_logs":[],"arn":true,"arn_suffix":true,"connection_logs":[],"dns_name":true,"enforce_security_group_inbound_rules_on_private_link_traffic":true,"health_check_logs":[],"id":true,"ip_address_type":true,"ipam_pools":[],"minimum_load_balancer_capacity":[],"name_prefix":true,"secondary_ips_auto_assigned_per_subnet":true,"security_groups":true,"subnet_mapping":true,"subnets":true,"tags":{},"tags_all":{},"vpc_id":true,"zone_id":true},"before_sensitive":false,"after_sensitive":{"access_logs":[],"connection_logs":[],"health_check_logs":[],"ipam_pools":[],"minimum_load_balancer_capacity":[],"security_groups":[],"subnet_mapping":[],"subnets":[],"tags":{},"tags_all":{}},"after_identity":{"arn":null}}},{"address":"aws_lb_listener.http","mode":"managed","type":"aws_lb_listener","name":"http","provider_name":"registry.terraform.io/hashicorp/aws","change":{"actions":["create"],"before":null,"after":{"alpn_policy":null,"certificate_arn":null,"default_action":[{"authenticate_cognito":[],"authenticate_oidc":[],"fixed_response":[],"forward":[],"jwt_validation":[],"redirect":[],"type":"forward"}],"port":80,"protocol":"HTTP","region":"us-east-1","tags":null,"tags_all":{"Environment":"dev","ManagedBy":"terraform","Project":"static-nginx"},"timeouts":null},"after_unknown":{"arn":true,"default_action":[{"authenticate_cognito":[],"authenticate_oidc":[],"fixed_response":[],"forward":[],"jwt_validation":[],"order":true,"redirect":[],"target_group_arn":true}],"id":true,"load_balancer_arn":true,"mutual_authentication":true,"routing_http_request_x_amzn_mtls_clientcert_header_name":true,"routing_http_request_x_amzn_mtls_clientcert_issuer_header_name":true,"routing_http_request_x_amzn_mtls_clientcert_leaf_header_name":true,"routing_http_request_x_amzn_mtls_clientcert_serial_number_header_name":true,"routing_http_request_x_amzn_mtls_clientcert_subject_header_name":true,"routing_http_request_x_amzn_mtls_clientcert_validity_header_name":true,"routing_http_request_x_amzn_tls_cipher_suite_header_name":true,"routing_http_request_x_amzn_tls_version_header_name":true,"routing_http_response_access_control_allow_credentials_header_value":true,"routing_http_response_access_control_allow_headers_header_value":true,"routing_http_response_access_control_allow_methods_header_value":true,"routing_http_response_access_control_allow_origin_header_value":true,"routing_http_response_access_control_expose_headers_header_value":true,"routing_http_response_access_control_max_age_header_value":true,"routing_http_response_content_security_policy_header_value":true,"routing_http_response_server_enabled":true,"routing_http_response_strict_transport_security_header_value":true,"routing_http_response_x_content_type_options_header_value":true,"routing_http_response_x_frame_options_header_value":true,"ssl_policy":true,"tags_all":{},"tcp_idle_timeout_seconds":true},"before_sensitive":false,"after_sensitive":{"default_action":[{"authenticate_cognito":[],"authenticate_oidc":[],"fixed_response":[],"forward":[],"jwt_validation":[],"redirect":[]}],"mutual_authentication":[],"tags_all":{}},"after_identity":{"arn":null}}},{"address":"aws_lb_target_group.app","mode":"managed","type":"aws_lb_target_group","name":"app","provider_name":"registry.terraform.io/hashicorp/aws","change":{"actions":["create"],"before":null,"after":{"deregistration_delay":"300","health_check":[{"enabled":true,"healthy_threshold":2,"interval":30,"matcher":"200-399","path":"/","port":"traffic-port","protocol":"HTTP","timeout":5,"unhealthy_threshold":2}],"lambda_multi_value_headers_enabled":false,"name":"static-nginx-dev-tg","port":80,"protocol":"HTTP","proxy_protocol_v2":false,"region":"us-east-1","slow_start":0,"tags":{"Name":"static-nginx-dev-tg"},"tags_all":{"Environment":"dev","ManagedBy":"terraform","Name":"static-nginx-dev-tg","Project":"static-nginx"},"target_control_port":null,"target_type":"ip"},"after_unknown":{"arn":true,"arn_suffix":true,"connection_termination":true,"health_check":[{}],"id":true,"ip_address_type":true,"load_balancer_arns":true,"load_balancing_algorithm_type":true,"load_balancing_anomaly_mitigation":true,"load_balancing_cross_zone_enabled":true,"name_prefix":true,"preserve_client_ip":true,"protocol_version":true,"stickiness":true,"tags":{},"tags_all":{},"target_failover":true,"target_group_health":true,"target_health_state":true,"vpc_id":true},"before_sensitive":false,"after_sensitive":{"health_check":[{}],"load_balancer_arns":[],"stickiness":[],"tags":{},"tags_all":{},"target_failover":[],"target_group_health":[],"target_health_state":[]},"after_identity":{"arn":null}}},{"address":"aws_nat_gateway.this[0]","mode":"managed","type":"aws_nat_gateway","name":"this","index":0,"provider_name":"registry.terraform.io/hashicorp/aws","change":{"actions":["create"],"before":null,"after":{"availability_zone_address":[],"connectivity_type":"public","region":"us-east-1","tags":{"Name":"static-nginx-dev-nat-1"},"tags_all":{"Environment":"dev","ManagedBy":"terraform","Name":"static-nginx-dev-nat-1","Project":"static-nginx"},"timeouts":null},"after_unknown":{"allocation_id":true,"association_id":true,"auto_provision_zones":true,"auto_scaling_ips":true,"availability_mode":true,"availability_zone_address":[],"id":true,"network_interface_id":true,"private_ip":true,"public_ip":true,"regional_nat_gateway_address":true,"regional_nat_gateway_auto_mode":true,"route_table_id":true,"secondary_allocation_ids":true,"secondary_private_ip_address_count":true,"secondary_private_ip_addresses":true,"subnet_id":true,"tags":{},"tags_all":{},"vpc_id":true},"before_sensitive":false,"after_sensitive":{"availability_zone_address":[],"regional_nat_gateway_address":[],"secondary_allocation_ids":[],"secondary_private_ip_addresses":[],"tags":{},"tags_all":{}}}},{"address":"aws_nat_gateway.this[1]","mode":"managed","type":"aws_nat_gateway","name":"this","index":1,"provider_name":"registry.terraform.io/hashicorp/aws","change":{"actions":["create"],"before":null,"after":{"availability_zone_address":[],"connectivity_type":"public","region":"us-east-1","tags":{"Name":"static-nginx-dev-nat-2"},"tags_all":{"Environment":"dev","ManagedBy":"terraform","Name":"static-nginx-dev-nat-2","Project":"static-nginx"},"timeouts":null},"after_unknown":{"allocation_id":true,"association_id":true,"auto_provision_zones":true,"auto_scaling_ips":true,"availability_mode":true,"availability_zone_address":[],"id":true,"network_interface_id":true,"private_ip":true,"public_ip":true,"regional_nat_gateway_address":true,"regional_nat_gateway_auto_mode":true,"route_table_id":true,"secondary_allocation_ids":true,"secondary_private_ip_address_count":true,"secondary_private_ip_addresses":true,"subnet_id":true,"tags":{},"tags_all":{},"vpc_id":true},"before_sensitive":false,"after_sensitive":{"availability_zone_address":[],"regional_nat_gateway_address":[],"secondary_allocation_ids":[],"secondary_private_ip_addresses":[],"tags":{},"tags_all":{}}}},{"address":"aws_route_table.private[0]","mode":"managed","type":"aws_route_table","name":"private","index":0,"provider_name":"registry.terraform.io/hashicorp/aws","change":{"actions":["create"],"before":null,"after":{"region":"us-east-1","route":[{"carrier_gateway_id":"","cidr_block":"0.0.0.0/0","core_network_arn":"","destination_prefix_list_id":"","egress_only_gateway_id":"","gateway_id":"","ipv6_cidr_block":"","local_gateway_id":"","network_interface_id":"","transit_gateway_id":"","vpc_endpoint_id":"","vpc_peering_connection_id":""}],"tags":{"Name":"static-nginx-dev-private-rt-1"},"tags_all":{"Environment":"dev","ManagedBy":"terraform","Name":"static-nginx-dev-private-rt-1","Project":"static-nginx"},"timeouts":null},"after_unknown":{"arn":true,"id":true,"owner_id":true,"propagating_vgws":true,"route":[{"nat_gateway_id":true}],"tags":{},"tags_all":{},"vpc_id":true},"before_sensitive":false,"after_sensitive":{"propagating_vgws":[],"route":[{}],"tags":{},"tags_all":{}},"after_identity":{"account_id":null,"id":null,"region":null}}},{"address":"aws_route_table.private[1]","mode":"managed","type":"aws_route_table","name":"private","index":1,"provider_name":"registry.terraform.io/hashicorp/aws","change":{"actions":["create"],"before":null,"after":{"region":"us-east-1","route":[{"carrier_gateway_id":"","cidr_block":"0.0.0.0/0","core_network_arn":"","destination_prefix_list_id":"","egress_only_gateway_id":"","gateway_id":"","ipv6_cidr_block":"","local_gateway_id":"","network_interface_id":"","transit_gateway_id":"","vpc_endpoint_id":"","vpc_peering_connection_id":""}],"tags":{"Name":"static-nginx-dev-private-rt-2"},"tags_all":{"Environment":"dev","ManagedBy":"terraform","Name":"static-nginx-dev-private-rt-2","Project":"static-nginx"},"timeouts":null},"after_unknown":{"arn":true,"id":true,"owner_id":true,"propagating_vgws":true,"route":[{"nat_gateway_id":true}],"tags":{},"tags_all":{},"vpc_id":true},"before_sensitive":false,"after_sensitive":{"propagating_vgws":[],"route":[{}],"tags":{},"tags_all":{}},"after_identity":{"account_id":null,"id":null,"region":null}}},{"address":"aws_route_table.public","mode":"managed","type":"aws_route_table","name":"public","provider_name":"registry.terraform.io/hashicorp/aws","change":{"actions":["create"],"before":null,"after":{"region":"us-east-1","route":[{"carrier_gateway_id":"","cidr_block":"0.0.0.0/0","core_network_arn":"","destination_prefix_list_id":"","egress_only_gateway_id":"","ipv6_cidr_block":"","local_gateway_id":"","nat_gateway_id":"","network_interface_id":"","transit_gateway_id":"","vpc_endpoint_id":"","vpc_peering_connection_id":""}],"tags":{"Name":"static-nginx-dev-public-rt"},"tags_all":{"Environment":"dev","ManagedBy":"terraform","Name":"static-nginx-dev-public-rt","Project":"static-nginx"},"timeouts":null},"after_unknown":{"arn":true,"id":true,"owner_id":true,"propagating_vgws":true,"route":[{"gateway_id":true}],"tags":{},"tags_all":{},"vpc_id":true},"before_sensitive":false,"after_sensitive":{"propagating_vgws":[],"route":[{}],"tags":{},"tags_all":{}},"after_identity":{"account_id":null,"id":null,"region":null}}},{"address":"aws_route_table_association.private[0]","mode":"managed","type":"aws_route_table_association","name":"private","index":0,"provider_name":"registry.terraform.io/hashicorp/aws","change":{"actions":["create"],"before":null,"after":{"gateway_id":null,"region":"us-east-1","timeouts":null},"after_unknown":{"id":true,"route_table_id":true,"subnet_id":true},"before_sensitive":false,"after_sensitive":{}}},{"address":"aws_route_table_association.private[1]","mode":"managed","type":"aws_route_table_association","name":"private","index":1,"provider_name":"registry.terraform.io/hashicorp/aws","change":{"actions":["create"],"before":null,"after":{"gateway_id":null,"region":"us-east-1","timeouts":null},"after_unknown":{"id":true,"route_table_id":true,"subnet_id":true},"before_sensitive":false,"after_sensitive":{}}},{"address":"aws_route_table_association.public[0]","mode":"managed","type":"aws_route_table_association","name":"public","index":0,"provider_name":"registry.terraform.io/hashicorp/aws","change":{"actions":["create"],"before":null,"after":{"gateway_id":null,"region":"us-east-1","timeouts":null},"after_unknown":{"id":true,"route_table_id":true,"subnet_id":true},"before_sensitive":false,"after_sensitive":{}}},{"address":"aws_route_table_association.public[1]","mode":"managed","type":"aws_route_table_association","name":"public","index":1,"provider_name":"registry.terraform.io/hashicorp/aws","change":{"actions":["create"],"before":null,"after":{"gateway_id":null,"region":"us-east-1","timeouts":null},"after_unknown":{"id":true,"route_table_id":true,"subnet_id":true},"before_sensitive":false,"after_sensitive":{}}},{"address":"aws_s3_bucket.artifacts","mode":"managed","type":"aws_s3_bucket","name":"artifacts","provider_name":"registry.terraform.io/hashicorp/aws","change":{"actions":["create"],"before":null,"after":{"bucket_prefix":"static-nginx-dev-artifacts-","force_destroy":true,"region":"us-east-1","tags":null,"tags_all":{"Environment":"dev","ManagedBy":"terraform","Project":"static-nginx"},"timeouts":null},"after_unknown":{"acceleration_status":true,"acl":true,"arn":true,"bucket":true,"bucket_domain_name":true,"bucket_region":true,"bucket_regional_domain_name":true,"cors_rule":true,"grant":true,"hosted_zone_id":true,"id":true,"lifecycle_rule":true,"logging":true,"object_lock_configuration":true,"object_lock_enabled":true,"policy":true,"replication_configuration":true,"request_payer":true,"server_side_encryption_configuration":true,"tags_all":{},"versioning":true,"website":true,"website_domain":true,"website_endpoint":true},"before_sensitive":false,"after_sensitive":{"cors_rule":[],"grant":[],"lifecycle_rule":[],"logging":[],"object_lock_configuration":[],"replication_configuration":[],"server_side_encryption_configuration":[],"tags_all":{},"versioning":[],"website":[]},"after_identity":{"account_id":null,"bucket":null,"region":null}}},{"address":"aws_s3_bucket.cloudtrail","mode":"managed","type":"aws_s3_bucket","name":"cloudtrail","provider_name":"registry.terraform.io/hashicorp/aws","change":{"actions":["create"],"before":null,"after":{"bucket_prefix":"static-nginx-dev-cloudtrail-","force_destroy":true,"region":"us-east-1","tags":null,"tags_all":{"Environment":"dev","ManagedBy":"terraform","Project":"static-nginx"},"timeouts":null},"after_unknown":{"acceleration_status":true,"acl":true,"arn":true,"bucket":true,"bucket_domain_name":true,"bucket_region":true,"bucket_regional_domain_name":true,"cors_rule":true,"grant":true,"hosted_zone_id":true,"id":true,"lifecycle_rule":true,"logging":true,"object_lock_configuration":true,"object_lock_enabled":true,"policy":true,"replication_configuration":true,"request_payer":true,"server_side_encryption_configuration":true,"tags_all":{},"versioning":true,"website":true,"website_domain":true,"website_endpoint":true},"before_sensitive":false,"after_sensitive":{"cors_rule":[],"grant":[],"lifecycle_rule":[],"logging":[],"object_lock_configuration":[],"replication_configuration":[],"server_side_encryption_configuration":[],"tags_all":{},"versioning":[],"website":[]},"after_identity":{"account_id":null,"bucket":null,"region":null}}},{"address":"aws_s3_bucket_policy.cloudtrail","mode":"managed","type":"aws_s3_bucket_policy","name":"cloudtrail","provider_name":"registry.terraform.io/hashicorp/aws","change":{"actions":["create"],"before":null,"after":{"region":"us-east-1"},"after_unknown":{"bucket":true,"id":true,"policy":true},"before_sensitive":false,"after_sensitive":{},"after_identity":{"account_id":null,"bucket":null,"region":null}}},{"address":"aws_s3_bucket_public_access_block.artifacts","mode":"managed","type":"aws_s3_bucket_public_access_block","name":"artifacts","provider_name":"registry.terraform.io/hashicorp/aws","change":{"actions":["create"],"before":null,"after":{"block_public_acls":true,"block_public_policy":true,"ignore_public_acls":true,"region":"us-east-1","restrict_public_buckets":true,"skip_destroy":null},"after_unknown":{"bucket":true,"id":true},"before_sensitive":false,"after_sensitive":{},"after_identity":{"account_id":null,"bucket":null,"region":null}}},{"address":"aws_s3_bucket_public_access_block.cloudtrail","mode":"managed","type":"aws_s3_bucket_public_access_block","name":"cloudtrail","provider_name":"registry.terraform.io/hashicorp/aws","change":{"actions":["create"],"before":null,"after":{"block_public_acls":true,"block_public_policy":true,"ignore_public_acls":true,"region":"us-east-1","restrict_public_buckets":true,"skip_destroy":null},"after_unknown":{"bucket":true,"id":true},"before_sensitive":false,"after_sensitive":{},"after_identity":{"account_id":null,"bucket":null,"region":null}}},{"address":"aws_s3_bucket_server_side_encryption_configuration.artifacts","mode":"managed","type":"aws_s3_bucket_server_side_encryption_configuration","name":"artifacts","provider_name":"registry.terraform.io/hashicorp/aws","change":{"actions":["create"],"before":null,"after":{"expected_bucket_owner":null,"region":"us-east-1","rule":[{"apply_server_side_encryption_by_default":[{"kms_master_key_id":"","sse_algorithm":"AES256"}],"blocked_encryption_types":[],"bucket_key_enabled":null}]},"after_unknown":{"bucket":true,"id":true,"rule":[{"apply_server_side_encryption_by_default":[{}],"blocked_encryption_types":[]}]},"before_sensitive":false,"after_sensitive":{"rule":[{"apply_server_side_encryption_by_default":[{}],"blocked_encryption_types":[]}]},"after_identity":{"account_id":null,"bucket":null,"expected_bucket_owner":null,"region":null}}},{"address":"aws_s3_bucket_server_side_encryption_configuration.cloudtrail","mode":"managed","type":"aws_s3_bucket_server_side_encryption_configuration","name":"cloudtrail","provider_name":"registry.terraform.io/hashicorp/aws","change":{"actions":["create"],"before":null,"after":{"expected_bucket_owner":null,"region":"us-east-1","rule":[{"apply_server_side_encryption_by_default":[{"kms_master_key_id":"","sse_algorithm":"AES256"}],"blocked_encryption_types":[],"bucket_key_enabled":null}]},"after_unknown":{"bucket":true,"id":true,"rule":[{"apply_server_side_encryption_by_default":[{}],"blocked_encryption_types":[]}]},"before_sensitive":false,"after_sensitive":{"rule":[{"apply_server_side_encryption_by_default":[{}],"blocked_encryption_types":[]}]},"after_identity":{"account_id":null,"bucket":null,"expected_bucket_owner":null,"region":null}}},{"address":"aws_s3_bucket_versioning.artifacts","mode":"managed","type":"aws_s3_bucket_versioning","name":"artifacts","provider_name":"registry.terraform.io/hashicorp/aws","change":{"actions":["create"],"before":null,"after":{"expected_bucket_owner":null,"mfa":null,"region":"us-east-1","versioning_configuration":[{"status":"Enabled"}]},"after_unknown":{"bucket":true,"id":true,"versioning_configuration":[{"mfa_delete":true}]},"before_sensitive":false,"after_sensitive":{"versioning_configuration":[{}]},"after_identity":{"account_id":null,"bucket":null,"expected_bucket_owner":null,"region":null}}},{"address":"aws_security_group.alb","mode":"managed","type":"aws_security_group","name":"alb","provider_name":"registry.terraform.io/hashicorp/aws","change":{"actions":["create"],"before":null,"after":{"description":"ALB security group","egress":[{"cidr_blocks":["0.0.0.0/0"],"description":"","from_port":0,"ipv6_cidr_blocks":[],"prefix_list_ids":[],"protocol":"-1","security_groups":[],"self":false,"to_port":0}],"ingress":[{"cidr_blocks":["0.0.0.0/0"],"description":"HTTP","from_port":80,"ipv6_cidr_blocks":[],"prefix_list_ids":[],"protocol":"tcp","security_groups":[],"self":false,"to_port":80},{"cidr_blocks":["0.0.0.0/0"],"description":"HTTPS","from_port":443,"ipv6_cidr_blocks":[],"prefix_list_ids":[],"protocol":"tcp","security_groups":[],"self":false,"to_port":443}],"name":"static-nginx-dev-alb-sg","region":"us-east-1","revoke_rules_on_delete":false,"tags":{"Name":"static-nginx-dev-alb-sg"},"tags_all":{"Environment":"dev","ManagedBy":"terraform","Name":"static-nginx-dev-alb-sg","Project":"static-nginx"},"timeouts":null},"after_unknown":{"arn":true,"egress":[{"cidr_blocks":[false],"ipv6_cidr_blocks":[],"prefix_list_ids":[],"security_groups":[]}],"id":true,"ingress":[{"cidr_blocks":[false],"ipv6_cidr_blocks":[],"prefix_list_ids":[],"security_groups":[]},{"cidr_blocks":[false],"ipv6_cidr_blocks":[],"prefix_list_ids":[],"security_groups":[]}],"name_prefix":true,"owner_id":true,"tags":{},"tags_all":{},"vpc_id":true},"before_sensitive":false,"after_sensitive":{"egress":[{"cidr_blocks":[false],"ipv6_cidr_blocks":[],"prefix_list_ids":[],"security_groups":[]}],"ingress":[{"cidr_blocks":[false],"ipv6_cidr_blocks":[],"prefix_list_ids":[],"security_groups":[]},{"cidr_blocks":[false],"ipv6_cidr_blocks":[],"prefix_list_ids":[],"security_groups":[]}],"tags":{},"tags_all":{}},"after_identity":{"account_id":null,"id":null,"region":null}}},{"address":"aws_security_group.ecs","mode":"managed","type":"aws_security_group","name":"ecs","provider_name":"registry.terraform.io/hashicorp/aws","change":{"actions":["create"],"before":null,"after":{"description":"ECS tasks security group","egress":[{"cidr_blocks":["0.0.0.0/0"],"description":"","from_port":0,"ipv6_cidr_blocks":[],"prefix_list_ids":[],"protocol":"-1","security_groups":[],"self":false,"to_port":0}],"ingress":[{"cidr_blocks":[],"description":"From ALB","from_port":80,"ipv6_cidr_blocks":[],"prefix_list_ids":[],"protocol":"tcp","self":false,"to_port":80}],"name":"static-nginx-dev-ecs-sg","region":"us-east-1","revoke_rules_on_delete":false,"tags":{"Name":"static-nginx-dev-ecs-sg"},"tags_all":{"Environment":"dev","ManagedBy":"terraform","Name":"static-nginx-dev-ecs-sg","Project":"static-nginx"},"timeouts":null},"after_unknown":{"arn":true,"egress":[{"cidr_blocks":[false],"ipv6_cidr_blocks":[],"prefix_list_ids":[],"security_groups":[]}],"id":true,"ingress":[{"cidr_blocks":[],"ipv6_cidr_blocks":[],"prefix_list_ids":[],"security_groups":true}],"name_prefix":true,"owner_id":true,"tags":{},"tags_all":{},"vpc_id":true},"before_sensitive":false,"after_sensitive":{"egress":[{"cidr_blocks":[false],"ipv6_cidr_blocks":[],"prefix_list_ids":[],"security_groups":[]}],"ingress":[{"cidr_blocks":[],"ipv6_cidr_blocks":[],"prefix_list_ids":[],"security_groups":[]}],"tags":{},"tags_all":{}},"after_identity":{"account_id":null,"id":null,"region":null}}},{"address":"aws_security_group.vpce","mode":"managed","type":"aws_security_group","name":"vpce","provider_name":"registry.terraform.io/hashicorp/aws","change":{"actions":["create"],"before":null,"after":{"description":"Security group for interface VPC endpoints","egress":[{"cidr_blocks":["0.0.0.0/0"],"description":"","from_port":0,"ipv6_cidr_blocks":[],"prefix_list_ids":[],"protocol":"-1","security_groups":[],"self":false,"to_port":0}],"ingress":[{"cidr_blocks":["10.0.0.0/16"],"description":"HTTPS from within VPC","from_port":443,"ipv6_cidr_blocks":[],"prefix_list_ids":[],"protocol":"tcp","security_groups":[],"self":false,"to_port":443}],"name":"static-nginx-dev-vpce-sg","region":"us-east-1","revoke_rules_on_delete":false,"tags":{"Name":"static-nginx-dev-vpce-sg"},"tags_all":{"Environment":"dev","ManagedBy":"terraform","Name":"static-nginx-dev-vpce-sg","Project":"static-nginx"},"timeouts":null},"after_unknown":{"arn":true,"egress":[{"cidr_blocks":[false],"ipv6_cidr_blocks":[],"prefix_list_ids":[],"security_groups":[]}],"id":true,"ingress":[{"cidr_blocks":[false],"ipv6_cidr_blocks":[],"prefix_list_ids":[],"security_groups":[]}],"name_prefix":true,"owner_id":true,"tags":{},"tags_all":{},"vpc_id":true},"before_sensitive":false,"after_sensitive":{"egress":[{"cidr_blocks":[false],"ipv6_cidr_blocks":[],"prefix_list_ids":[],"security_groups":[]}],"ingress":[{"cidr_blocks":[false],"ipv6_cidr_blocks":[],"prefix_list_ids":[],"security_groups":[]}],"tags":{},"tags_all":{}},"after_identity":{"account_id":null,"id":null,"region":null}}},{"address":"aws_subnet.private[0]","mode":"managed","type":"aws_subnet","name":"private","index":0,"provider_name":"registry.terraform.io/hashicorp/aws","change":{"actions":["create"],"before":null,"after":{"assign_ipv6_address_on_creation":false,"availability_zone":"us-east-1a","cidr_block":"10.0.10.0/24","customer_owned_ipv4_pool":null,"enable_dns64":false,"enable_lni_at_device_index":null,"enable_resource_name_dns_a_record_on_launch":false,"enable_resource_name_dns_aaaa_record_on_launch":false,"ipv6_cidr_block":null,"ipv6_native":false,"map_customer_owned_ip_on_launch":null,"map_public_ip_on_launch":false,"outpost_arn":null,"region":"us-east-1","tags":{"Name":"static-nginx-dev-private-1","Tier":"private"},"tags_all":{"Environment":"dev","ManagedBy":"terraform","Name":"static-nginx-dev-private-1","Project":"static-nginx","Tier":"private"},"timeouts":null},"after_unknown":{"arn":true,"availability_zone_id":true,"id":true,"ipv6_cidr_block_association_id":true,"owner_id":true,"private_dns_hostname_type_on_launch":true,"tags":{},"tags_all":{},"vpc_id":true},"before_sensitive":false,"after_sensitive":{"tags":{},"tags_all":{}},"after_identity":{"account_id":null,"id":null,"region":null}}},{"address":"aws_subnet.private[1]","mode":"managed","type":"aws_subnet","name":"private","index":1,"provider_name":"registry.terraform.io/hashicorp/aws","change":{"actions":["create"],"before":null,"after":{"assign_ipv6_address_on_creation":false,"availability_zone":"us-east-1b","cidr_block":"10.0.11.0/24","customer_owned_ipv4_pool":null,"enable_dns64":false,"enable_lni_at_device_index":null,"enable_resource_name_dns_a_record_on_launch":false,"enable_resource_name_dns_aaaa_record_on_launch":false,"ipv6_cidr_block":null,"ipv6_native":false,"map_customer_owned_ip_on_launch":null,"map_public_ip_on_launch":false,"outpost_arn":null,"region":"us-east-1","tags":{"Name":"static-nginx-dev-private-2","Tier":"private"},"tags_all":{"Environment":"dev","ManagedBy":"terraform","Name":"static-nginx-dev-private-2","Project":"static-nginx","Tier":"private"},"timeouts":null},"after_unknown":{"arn":true,"availability_zone_id":true,"id":true,"ipv6_cidr_block_association_id":true,"owner_id":true,"private_dns_hostname_type_on_launch":true,"tags":{},"tags_all":{},"vpc_id":true},"before_sensitive":false,"after_sensitive":{"tags":{},"tags_all":{}},"after_identity":{"account_id":null,"id":null,"region":null}}},{"address":"aws_subnet.public[0]","mode":"managed","type":"aws_subnet","name":"public","index":0,"provider_name":"registry.terraform.io/hashicorp/aws","change":{"actions":["create"],"before":null,"after":{"assign_ipv6_address_on_creation":false,"availability_zone":"us-east-1a","cidr_block":"10.0.0.0/24","customer_owned_ipv4_pool":null,"enable_dns64":false,"enable_lni_at_device_index":null,"enable_resource_name_dns_a_record_on_launch":false,"enable_resource_name_dns_aaaa_record_on_launch":false,"ipv6_cidr_block":null,"ipv6_native":false,"map_customer_owned_ip_on_launch":null,"map_public_ip_on_launch":true,"outpost_arn":null,"region":"us-east-1","tags":{"Name":"static-nginx-dev-public-1","Tier":"public"},"tags_all":{"Environment":"dev","ManagedBy":"terraform","Name":"static-nginx-dev-public-1","Project":"static-nginx","Tier":"public"},"timeouts":null},"after_unknown":{"arn":true,"availability_zone_id":true,"id":true,"ipv6_cidr_block_association_id":true,"owner_id":true,"private_dns_hostname_type_on_launch":true,"tags":{},"tags_all":{},"vpc_id":true},"before_sensitive":false,"after_sensitive":{"tags":{},"tags_all":{}},"after_identity":{"account_id":null,"id":null,"region":null}}},{"address":"aws_subnet.public[1]","mode":"managed","type":"aws_subnet","name":"public","index":1,"provider_name":"registry.terraform.io/hashicorp/aws","change":{"actions":["create"],"before":null,"after":{"assign_ipv6_address_on_creation":false,"availability_zone":"us-east-1b","cidr_block":"10.0.1.0/24","customer_owned_ipv4_pool":null,"enable_dns64":false,"enable_lni_at_device_index":null,"enable_resource_name_dns_a_record_on_launch":false,"enable_resource_name_dns_aaaa_record_on_launch":false,"ipv6_cidr_block":null,"ipv6_native":false,"map_customer_owned_ip_on_launch":null,"map_public_ip_on_launch":true,"outpost_arn":null,"region":"us-east-1","tags":{"Name":"static-nginx-dev-public-2","Tier":"public"},"tags_all":{"Environment":"dev","ManagedBy":"terraform","Name":"static-nginx-dev-public-2","Project":"static-nginx","Tier":"public"},"timeouts":null},"after_unknown":{"arn":true,"availability_zone_id":true,"id":true,"ipv6_cidr_block_association_id":true,"owner_id":true,"private_dns_hostname_type_on_launch":true,"tags":{},"tags_all":{},"vpc_id":true},"before_sensitive":false,"after_sensitive":{"tags":{},"tags_all":{}},"after_identity":{"account_id":null,"id":null,"region":null}}},{"address":"aws_vpc.this","mode":"managed","type":"aws_vpc","name":"this","provider_name":"registry.terraform.io/hashicorp/aws","change":{"actions":["create"],"before":null,"after":{"assign_generated_ipv6_cidr_block":null,"cidr_block":"10.0.0.0/16","enable_dns_hostnames":true,"enable_dns_support":true,"instance_tenancy":"default","ipv4_ipam_pool_id":null,"ipv4_netmask_length":null,"ipv6_ipam_pool_id":null,"ipv6_netmask_length":null,"region":"us-east-1","tags":{"Name":"static-nginx-dev-vpc"},"tags_all":{"Environment":"dev","ManagedBy":"terraform","Name":"static-nginx-dev-vpc","Project":"static-nginx"}},"after_unknown":{"arn":true,"default_network_acl_id":true,"default_route_table_id":true,"default_security_group_id":true,"dhcp_options_id":true,"enable_network_address_usage_metrics":true,"id":true,"ipv6_association_id":true,"ipv6_cidr_block":true,"ipv6_cidr_block_network_border_group":true,"main_route_table_id":true,"owner_id":true,"tags":{},"tags_all":{}},"before_sensitive":false,"after_sensitive":{"tags":{},"tags_all":{}},"after_identity":{"account_id":null,"id":null,"region":null}}},{"address":"aws_vpc_endpoint.ecr_api","mode":"managed","type":"aws_vpc_endpoint","name":"ecr_api","provider_name":"registry.terraform.io/hashicorp/aws","change":{"actions":["create"],"before":null,"after":{"auto_accept":null,"private_dns_enabled":true,"region":"us-east-1","resource_configuration_arn":null,"service_name":"com.amazonaws.us-east-1.ecr.api","service_network_arn":null,"tags":{"Name":"static-nginx-dev-ecr-api-endpoint"},"tags_all":{"Environment":"dev","ManagedBy":"terraform","Name":"static-nginx-dev-ecr-api-endpoint","Project":"static-nginx"},"timeouts":null,"vpc_endpoint_type":"Interface"},"after_unknown":{"arn":true,"cidr_blocks":true,"dns_entry":true,"dns_options":true,"id":true,"ip_address_type":true,"network_interface_ids":true,"owner_id":true,"policy":true,"prefix_list_id":true,"requester_managed":true,"route_table_ids":true,"security_group_ids":true,"service_region":true,"state":true,"subnet_configuration":true,"subnet_ids":true,"tags":{},"tags_all":{},"vpc_id":true},"before_sensitive":false,"after_sensitive":{"cidr_blocks":[],"dns_entry":[],"dns_options":[],"network_interface_ids":[],"route_table_ids":[],"security_group_ids":[],"subnet_configuration":[],"subnet_ids":[],"tags":{},"tags_all":{}},"after_identity":{"account_id":null,"id":null,"region":null}}},{"address":"aws_vpc_endpoint.ecr_dkr","mode":"managed","type":"aws_vpc_endpoint","name":"ecr_dkr","provider_name":"registry.terraform.io/hashicorp/aws","change":{"actions":["create"],"before":null,"after":{"auto_accept":null,"private_dns_enabled":true,"region":"us-east-1","resource_configuration_arn":null,"service_name":"com.amazonaws.us-east-1.ecr.dkr","service_network_arn":null,"tags":{"Name":"static-nginx-dev-ecr-dkr-endpoint"},"tags_all":{"Environment":"dev","ManagedBy":"terraform","Name":"static-nginx-dev-ecr-dkr-endpoint","Project":"static-nginx"},"timeouts":null,"vpc_endpoint_type":"Interface"},"after_unknown":{"arn":true,"cidr_blocks":true,"dns_entry":true,"dns_options":true,"id":true,"ip_address_type":true,"network_interface_ids":true,"owner_id":true,"policy":true,"prefix_list_id":true,"requester_managed":true,"route_table_ids":true,"security_group_ids":true,"service_region":true,"state":true,"subnet_configuration":true,"subnet_ids":true,"tags":{},"tags_all":{},"vpc_id":true},"before_sensitive":false,"after_sensitive":{"cidr_blocks":[],"dns_entry":[],"dns_options":[],"network_interface_ids":[],"route_table_ids":[],"security_group_ids":[],"subnet_configuration":[],"subnet_ids":[],"tags":{},"tags_all":{}},"after_identity":{"account_id":null,"id":null,"region":null}}},{"address":"aws_vpc_endpoint.logs","mode":"managed","type":"aws_vpc_endpoint","name":"logs","provider_name":"registry.terraform.io/hashicorp/aws","change":{"actions":["create"],"before":null,"after":{"auto_accept":null,"private_dns_enabled":true,"region":"us-east-1","resource_configuration_arn":null,"service_name":"com.amazonaws.us-east-1.logs","service_network_arn":null,"tags":{"Name":"static-nginx-dev-logs-endpoint"},"tags_all":{"Environment":"dev","ManagedBy":"terraform","Name":"static-nginx-dev-logs-endpoint","Project":"static-nginx"},"timeouts":null,"vpc_endpoint_type":"Interface"},"after_unknown":{"arn":true,"cidr_blocks":true,"dns_entry":true,"dns_options":true,"id":true,"ip_address_type":true,"network_interface_ids":true,"owner_id":true,"policy":true,"prefix_list_id":true,"requester_managed":true,"route_table_ids":true,"security_group_ids":true,"service_region":true,"state":true,"subnet_configuration":true,"subnet_ids":true,"tags":{},"tags_all":{},"vpc_id":true},"before_sensitive":false,"after_sensitive":{"cidr_blocks":[],"dns_entry":[],"dns_options":[],"network_interface_ids":[],"route_table_ids":[],"security_group_ids":[],"subnet_configuration":[],"subnet_ids":[],"tags":{},"tags_all":{}},"after_identity":{"account_id":null,"id":null,"region":null}}},{"address":"aws_vpc_endpoint.s3","mode":"managed","type":"aws_vpc_endpoint","name":"s3","provider_name":"registry.terraform.io/hashicorp/aws","change":{"actions":["create"],"before":null,"after":{"auto_accept":null,"region":"us-east-1","resource_configuration_arn":null,"service_name":"com.amazonaws.us-east-1.s3","service_network_arn":null,"tags":{"Name":"static-nginx-dev-s3-endpoint"},"tags_all":{"Environment":"dev","ManagedBy":"terraform","Name":"static-nginx-dev-s3-endpoint","Project":"static-nginx"},"timeouts":null,"vpc_endpoint_type":"Gateway"},"after_unknown":{"arn":true,"cidr_blocks":true,"dns_entry":true,"dns_options":true,"id":true,"ip_address_type":true,"network_interface_ids":true,"owner_id":true,"policy":true,"prefix_list_id":true,"private_dns_enabled":true,"requester_managed":true,"route_table_ids":true,"security_group_ids":true,"service_region":true,"state":true,"subnet_configuration":true,"subnet_ids":true,"tags":{},"tags_all":{},"vpc_id":true},"before_sensitive":false,"after_sensitive":{"cidr_blocks":[],"dns_entry":[],"dns_options":[],"network_interface_ids":[],"route_table_ids":[],"security_group_ids":[],"subnet_configuration":[],"subnet_ids":[],"tags":{},"tags_all":{}},"after_identity":{"account_id":null,"id":null,"region":null}}}],"output_changes":{"alb_dns_name":{"actions":["create"],"before":null,"after_unknown":true,"before_sensitive":false,"after_sensitive":false},"codecommit_clone_url_http":{"actions":["create"],"before":null,"after_unknown":true,"before_sensitive":false,"after_sensitive":false},"codepipeline_name":{"actions":["create"],"before":null,"after":"static-nginx-dev-pipeline","after_unknown":false,"before_sensitive":false,"after_sensitive":false},"ecr_repository_url":{"actions":["create"],"before":null,"after_unknown":true,"before_sensitive":false,"after_sensitive":false}},"prior_state":{"format_version":"1.0","terraform_version":"1.13.5","values":{"outputs":{"codepipeline_name":{"sensitive":false,"value":"static-nginx-dev-pipeline","type":"string"}},"root_module":{"resources":[{"address":"data.aws_availability_zones.available","mode":"data","type":"aws_availability_zones","name":"available","provider_name":"registry.terraform.io/hashicorp/aws","schema_version":0,"values":{"all_availability_zones":null,"exclude_names":null,"exclude_zone_ids":null,"filter":null,"group_names":[""],"id":"us-east-1","names":["us-east-1a","us-east-1b","us-east-1c","us-east-1d","us-east-1e","us-east-1f"],"region":"us-east-1","state":"available","timeouts":null,"zone_ids":["use1-az6","use1-az1","use1-az2","use1-az4","use1-az3","use1-az5"]},"sensitive_values":{"group_names":[false],"names":[false,false,false,false,false,false],"zone_ids":[false,false,false,false,false,false]}},{"address":"data.aws_caller_identity.current","mode":"data","type":"aws_caller_identity","name":"current","provider_name":"registry.terraform.io/hashicorp/aws","schema_version":0,"values":{"account_id":"000000000000","arn":"arn:aws:iam::000000000000:root","id":"000000000000","user_id":"AKIAIOSFODNN7EXAMPLE"},"sensitive_values":{}},{"address":"data.aws_partition.current","mode":"data","type":"aws_partition","name":"current","provider_name":"registry.terraform.io/hashicorp/aws","schema_version":0,"values":{"dns_suffix":"amazonaws.com","id":"aws","partition":"aws","reverse_dns_prefix":"com.amazonaws"},"sensitive_values":{}}]}}},"configuration":{"provider_config":{"aws":{"name":"aws","full_name":"registry.terraform.io/hashicorp/aws","version_constraint":"~\u003e 6.28","expressions":{"default_tags":[{"tags":{"references":["var.project_name","var.environment"]}}],"region":{"references":["var.aws_region"]}}}},"root_module":{"outputs":{"alb_dns_name":{"expression":{"references":["aws_lb.this.dns_name","aws_lb.this"]},"description":"ALB DNS name (use this if you don't configure Route53)."},"codecommit_clone_url_http":{"expression":{"references":["aws_codecommit_repository.app.clone_url_http","aws_codecommit_repository.app"]},"description":"CodeCommit clone URL (HTTPS)."},"codepipeline_name":{"expression":{"references":["aws_codepipeline.app.name","aws_codepipeline.app"]}},"ecr_repository_url":{"expression":{"references":["aws_ecr_repository.app.repository_url","aws_ecr_repository.app"]},"description":"ECR repository URL to push images to."}},"resources":[{"address":"aws_acm_certificate.this","mode":"managed","type":"aws_acm_certificate","name":"this","provider_config_key":"aws","expressions":{"domain_name":{"references":["var.domain_name"]},"validation_method":{"constant_value":"DNS"}},"schema_version":0,"count_expression":{"references":["local.enable_custom_domain"]}},{"address":"aws_acm_certificate_validation.this","mode":"managed","type":"aws_acm_certificate_validation","name":"this","provider_config_key":"aws","expressions":{"certificate_arn":{"references":["aws_acm_certificate.this[0].arn","aws_acm_certificate.this[0]","aws_acm_certificate.this"]},"validation_record_fqdns":{"references":["aws_route53_record.acm_validation[0].fqdn","aws_route53_record.acm_validation[0]","aws_route53_record.acm_validation"]}},"schema_version":0,"count_expression":{"references":["local.enable_custom_domain"]}},{"address":"aws_appautoscaling_policy.cpu","mode":"managed","type":"aws_appautoscaling_policy","name":"cpu","provider_config_key":"aws","expressions":{"name":{"references":["local.name_prefix"]},"policy_type":{"constant_value":"TargetTrackingScaling"},"resource_id":{"references":["aws_appautoscaling_target.ecs.resource_id","aws_appautoscaling_target.ecs"]},"scalable_dimension":{"references":["aws_appautoscaling_target.ecs.scalable_dimension","aws_appautoscaling_target.ecs"]},"service_namespace":{"references":["aws_appautoscaling_target.ecs.service_namespace","aws_appautoscaling_target.ecs"]},"target_tracking_scaling_policy_configuration":[{"predefined_metric_specification":[{"predefined_metric_type":{"constant_value":"ECSServiceAverageCPUUtilization"}}],"scale_in_cooldown":{"constant_value":60},"scale_out_cooldown":{"constant_value":60},"target_value":{"constant_value":50}}]},"schema_version":0},{"address":"aws_appautoscaling_target.ecs","mode":"managed","type":"aws_appautoscaling_target","name":"ecs","provider_config_key":"aws","expressions":{"max_capacity":{"constant_value":4},"min_capacity":{"references":["var.desired_count"]},"resource_id":{"references":["aws_ecs_cluster.this.name","aws_ecs_cluster.this","aws_ecs_service.app.name","aws_ecs_service.app"]},"scalable_dimension":{"constant_value":"ecs:service:DesiredCount"},"service_namespace":{"constant_value":"ecs"}},"schema_version":0},{"address":"aws_cloudtrail.this","mode":"managed","type":"aws_cloudtrail","name":"this","provider_config_key":"aws","expressions":{"enable_logging":{"constant_value":true},"include_global_service_events":{"constant_value":true},"is_multi_region_trail":{"constant_value":true},"name":{"references":["local.name_prefix"]},"s3_bucket_name":{"references":["aws_s3_bucket.cloudtrail.bucket","aws_s3_bucket.cloudtrail"]}},"schema_version":1},{"address":"aws_cloudwatch_log_group.app","mode":"managed","type":"aws_cloudwatch_log_group","name":"app","provider_config_key":"aws","expressions":{"name":{"references":["local.name_prefix"]},"retention_in_days":{"constant_value":14}},"schema_version":0},{"address":"aws_codebuild_project.app","mode":"managed","type":"aws_codebuild_project","name":"app","provider_config_key":"aws","expressions":{"artifacts":[{"type":{"constant_value":"CODEPIPELINE"}}],"description":{"constant_value":"Build and push Docker image to ECR"},"environment":[{"compute_type":{"constant_value":"BUILD_GENERAL1_SMALL"},"environment_variable":[{"name":{"constant_value":"AWS_ACCOUNT_ID"},"value":{"references":["data.aws_caller_identity.current.account_id","data.aws_caller_identity.current"]}},{"name":{"constant_value":"AWS_DEFAULT_REGION"},"value":{"references":["var.aws_region"]}},{"name":{"constant_value":"IMAGE_REPO_NAME"},"value":{"references":["aws_ecr_repository.app.name","aws_ecr_repository.app"]}},{"name":{"constant_value":"CONTAINER_NAME"},"value":{"constant_value":"nginx"}}],"image":{"constant_value":"aws/codebuild/standard:7.0"},"image_pull_credentials_type":{"constant_value":"CODEBUILD"},"privileged_mode":{"constant_value":true},"type":{"constant_value":"LINUX_CONTAINER"}}],"logs_config":[{"cloudwatch_logs":[{"group_name":{"references":["local.name_prefix"]},"stream_name":{"constant_value":"build"}}]}],"name":{"references":["local.name_prefix"]},"service_role":{"references":["aws_iam_role.codebuild.arn","aws_iam_role.codebuild"]},"source":[{"buildspec":{"constant_value":"buildspec.yml"},"type":{"constant_value":"CODEPIPELINE"}}]},"schema_version":0},{"address":"aws_codecommit_repository.app","mode":"managed","type":"aws_codecommit_repository","name":"app","provider_config_key":"aws","expressions":{"description":{"references":["local.name_prefix"]},"repository_name":{"references":["local.name_prefix"]}},"schema_version":0},{"address":"aws_codepipeline.app","mode":"managed","type":"aws_codepipeline","name":"app","provider_config_key":"aws","expressions":{"artifact_store":[{"location":{"references":["aws_s3_bucket.artifacts.bucket","aws_s3_bucket.artifacts"]},"type":{"constant_value":"S3"}}],"name":{"references":["local.name_prefix"]},"role_arn":{"references":["aws_iam_role.codepipeline.arn","aws_iam_role.codepipeline"]},"stage":[{"action":[{"category":{"constant_value":"Source"},"configuration":{"references":["aws_codecommit_repository.app.repository_name","aws_codecommit_repository.app"]},"name":{"constant_value":"Source"},"output_artifacts":{"constant_value":["source_output"]},"owner":{"constant_value":"AWS"},"provider":{"constant_value":"CodeCommit"},"version":{"constant_value":"1"}}],"name":{"constant_value":"Source"}},{"action":[{"category":{"constant_value":"Build"},"configuration":{"references":["aws_codebuild_project.app.name","aws_codebuild_project.app"]},"input_artifacts":{"constant_value":["source_output"]},"name":{"constant_value":"Build"},"output_artifacts":{"constant_value":["build_output"]},"owner":{"constant_value":"AWS"},"provider":{"constant_value":"CodeBuild"},"version":{"constant_value":"1"}}],"name":{"constant_value":"Build"}},{"action":[{"category":{"constant_value":"Deploy"},"configuration":{"references":["aws_ecs_cluster.this.name","aws_ecs_cluster.this","aws_ecs_service.app.name","aws_ecs_service.app"]},"input_artifacts":{"constant_value":["build_output"]},"name":{"constant_value":"Deploy"},"owner":{"constant_value":"AWS"},"provider":{"constant_value":"ECS"},"version":{"constant_value":"1"}}],"name":{"constant_value":"Deploy"}}]},"schema_version":0},{"address":"aws_ecr_lifecycle_policy.app","mode":"managed","type":"aws_ecr_lifecycle_policy","name":"app","provider_config_key":"aws","expressions":{"policy":{},"repository":{"references":["aws_ecr_repository.app.name","aws_ecr_repository.app"]}},"schema_version":0},{"address":"aws_ecr_repository.app","mode":"managed","type":"aws_ecr_repository","name":"app","provider_config_key":"aws","expressions":{"encryption_configuration":[{"encryption_type":{"constant_value":"AES256"}}],"image_scanning_configuration":[{"scan_on_push":{"constant_value":true}}],"image_tag_mutability":{"constant_value":"MUTABLE"},"name":{"references":["local.name_prefix"]},"tags":{"references":["local.name_prefix"]}},"schema_version":0},{"address":"aws_ecs_cluster.this","mode":"managed","type":"aws_ecs_cluster","name":"this","provider_config_key":"aws","expressions":{"name":{"references":["local.name_prefix"]},"setting":[{"name":{"constant_value":"containerInsights"},"value":{"constant_value":"enabled"}}]},"schema_version":0},{"address":"aws_ecs_service.app","mode":"managed","type":"aws_ecs_service","name":"app","provider_config_key":"aws","expressions":{"cluster":{"references":["aws_ecs_cluster.this.id","aws_ecs_cluster.this"]},"deployment_maximum_percent":{"constant_value":200},"deployment_minimum_healthy_percent":{"constant_value":50},"desired_count":{"references":["var.desired_count"]},"launch_type":{"constant_value":"FARGATE"},"load_balancer":[{"container_name":{"constant_value":"nginx"},"container_port":{"references":["var.container_port"]},"target_group_arn":{"references":["aws_lb_target_group.app.arn","aws_lb_target_group.app"]}}],"name":{"references":["local.name_prefix"]},"network_configuration":[{"assign_public_ip":{"constant_value":false},"security_groups":{"references":["aws_security_group.ecs.id","aws_security_group.ecs"]},"subnets":{"references":["aws_subnet.private"]}}],"task_definition":{"references":["aws_ecs_task_definition.app.arn","aws_ecs_task_definition.app"]}},"schema_version":1,"depends_on":["aws_lb_listener.http"]},{"address":"aws_ecs_task_definition.app","mode":"managed","type":"aws_ecs_task_definition","name":"app","provider_config_key":"aws","expressions":{"container_definitions":{"references":["aws_ecr_repository.app.repository_url","aws_ecr_repository.app","local.image_tag","var.container_port","var.container_port","aws_cloudwatch_log_group.app.name","aws_cloudwatch_log_group.app","var.aws_region"]},"cpu":{"references":["var.task_cpu"]},"execution_role_arn":{"references":["aws_iam_role.ecs_task_execution.arn","aws_iam_role.ecs_task_execution"]},"family":{"references":["local.name_prefix"]},"memory":{"references":["var.task_memory"]},"network_mode":{"constant_value":"awsvpc"},"requires_compatibilities":{"constant_value":["FARGATE"]}},"schema_version":1},{"address":"aws_eip.nat","mode":"managed","type":"aws_eip","name":"nat","provider_config_key":"aws","expressions":{"domain":{"constant_value":"vpc"},"tags":{"references":["local.name_prefix","count.index"]}},"schema_version":0,"count_expression":{"references":["aws_subnet.public"]}},{"address":"aws_iam_role.codebuild","mode":"managed","type":"aws_iam_role","name":"codebuild","provider_config_key":"aws","expressions":{"assume_role_policy":{},"name":{"references":["local.name_prefix"]}},"schema_version":0},{"address":"aws_iam_role.codepipeline","mode":"managed","type":"aws_iam_role","name":"codepipeline","provider_config_key":"aws","expressions":{"assume_role_policy":{},"name":{"references":["local.name_prefix"]}},"schema_version":0},{"address":"aws_iam_role.ecs_task_execution","mode":"managed","type":"aws_iam_role","name":"ecs_task_execution","provider_config_key":"aws","expressions":{"assume_role_policy":{},"name":{"references":["local.name_prefix"]}},"schema_version":0},{"address":"aws_iam_role_policy.codebuild","mode":"managed","type":"aws_iam_role_policy","name":"codebuild","provider_config_key":"aws","expressions":{"name":{"references":["local.name_prefix"]},"policy":{"references":["aws_ecr_repository.app.arn","aws_ecr_repository.app","aws_s3_bucket.artifacts.arn","aws_s3_bucket.artifacts"]},"role":{"references":["aws_iam_role.codebuild.id","aws_iam_role.codebuild"]}},"schema_version":0},{"address":"aws_iam_role_policy.codepipeline","mode":"managed","type":"aws_iam_role_policy","name":"codepipeline","provider_config_key":"aws","expressions":{"name":{"references":["local.name_prefix"]},"policy":{"references":["aws_s3_bucket.artifacts.arn","aws_s3_bucket.artifacts","aws_s3_bucket.artifacts.arn","aws_s3_bucket.artifacts","aws_codecommit_repository.app.arn","aws_codecommit_repository.app","aws_codebuild_project.app.arn","aws_codebuild_project.app","aws_iam_role.ecs_task_execution.arn","aws_iam_role.ecs_task_execution"]},"role":{"references":["aws_iam_role.codepipeline.id","aws_iam_role.codepipeline"]}},"schema_version":0},{"address":"aws_iam_role_policy_attachment.ecs_task_execution","mode":"managed","type":"aws_iam_role_policy_attachment","name":"ecs_task_execution","provider_config_key":"aws","expressions":{"policy_arn":{"references":["data.aws_partition.current.partition","data.aws_partition.current"]},"role":{"references":["aws_iam_role.ecs_task_execution.name","aws_iam_role.ecs_task_execution"]}},"schema_version":0},{"address":"aws_internet_gateway.this","mode":"managed","type":"aws_internet_gateway","name":"this","provider_config_key":"aws","expressions":{"tags":{"references":["local.name_prefix"]},"vpc_id":{"references":["aws_vpc.this.id","aws_vpc.this"]}},"schema_version":0},{"address":"aws_lb.this","mode":"managed","type":"aws_lb","name":"this","provider_config_key":"aws","expressions":{"enable_deletion_protection":{"constant_value":false},"internal":{"constant_value":false},"load_balancer_type":{"constant_value":"application"},"name":{"references":["local.name_prefix"]},"security_groups":{"references":["aws_security_group.alb.id","aws_security_group.alb"]},"subnets":{"references":["aws_subnet.public"]},"tags":{"references":["local.name_prefix"]}},"schema_version":0},{"address":"aws_lb_listener.http","mode":"managed","type":"aws_lb_listener","name":"http","provider_config_key":"aws","expressions":{"default_action":[{"redirect":[{"port":{"constant_value":"443"},"protocol":{"constant_value":"HTTPS"},"status_code":{"constant_value":"HTTP_301"}}],"target_group_arn":{"references":["local.enable_https","aws_lb_target_group.app.arn","aws_lb_target_group.app"]},"type":{"references":["local.enable_https"]}}],"load_balancer_arn":{"references":["aws_lb.this.arn","aws_lb.this"]},"port":{"constant_value":80},"protocol":{"constant_value":"HTTP"}},"schema_version":0},{"address":"aws_lb_listener.https","mode":"managed","type":"aws_lb_listener","name":"https","provider_config_key":"aws","expressions":{"certificate_arn":{"references":["aws_acm_certificate_validation.this[0].certificate_arn","aws_acm_certificate_validation.this[0]","aws_acm_certificate_validation.this"]},"default_action":[{"target_group_arn":{"references":["aws_lb_target_group.app.arn","aws_lb_target_group.app"]},"type":{"constant_value":"forward"}}],"load_balancer_arn":{"references":["aws_lb.this.arn","aws_lb.this"]},"port":{"constant_value":443},"protocol":{"constant_value":"HTTPS"},"ssl_policy":{"constant_value":"ELBSecurityPolicy-TLS13-1-2-2021-06"}},"schema_version":0,"count_expression":{"references":["local.enable_https"]}},{"address":"aws_lb_target_group.app","mode":"managed","type":"aws_lb_target_group","name":"app","provider_config_key":"aws","expressions":{"health_check":[{"enabled":{"constant_value":true},"healthy_threshold":{"constant_value":2},"interval":{"constant_value":30},"matcher":{"constant_value":"200-399"},"path":{"constant_value":"/"},"timeout":{"constant_value":5},"unhealthy_threshold":{"constant_value":2}}],"name":{"references":["local.name_prefix"]},"port":{"references":["var.container_port"]},"protocol":{"constant_value":"HTTP"},"tags":{"references":["local.name_prefix"]},"target_type":{"constant_value":"ip"},"vpc_id":{"references":["aws_vpc.this.id","aws_vpc.this"]}},"schema_version":0},{"address":"aws_nat_gateway.this","mode":"managed","type":"aws_nat_gateway","name":"this","provider_config_key":"aws","expressions":{"allocation_id":{"references":["aws_eip.nat","count.index"]},"subnet_id":{"references":["aws_subnet.public","count.index"]},"tags":{"references":["local.name_prefix","count.index"]}},"schema_version":0,"count_expression":{"references":["aws_subnet.public"]},"depends_on":["aws_internet_gateway.this"]},{"address":"aws_route53_record.acm_validation","mode":"managed","type":"aws_route53_record","name":"acm_validation","provider_config_key":"aws","expressions":{"name":{"references":["aws_acm_certificate.this[0].domain_validation_options","aws_acm_certificate.this[0]","aws_acm_certificate.this"]},"records":{"references":["aws_acm_certificate.this[0].domain_validation_options","aws_acm_certificate.this[0]","aws_acm_certificate.this"]},"ttl":{"constant_value":60},"type":{"references":["aws_acm_certificate.this[0].domain_validation_options","aws_acm_certificate.this[0]","aws_acm_certificate.this"]},"zone_id":{"references":["var.hosted_zone_id"]}},"schema_version":2,"count_expression":{"references":["local.enable_custom_domain"]}},{"address":"aws_route53_record.app","mode":"managed","type":"aws_route53_record","name":"app","provider_config_key":"aws","expressions":{"alias":[{"evaluate_target_health":{"constant_value":true},"name":{"references":["aws_lb.this.dns_name","aws_lb.this"]},"zone_id":{"references":["aws_lb.this.zone_id","aws_lb.this"]}}],"name":{"references":["var.domain_name"]},"type":{"constant_value":"A"},"zone_id":{"references":["var.hosted_zone_id"]}},"schema_version":2,"count_expression":{"references":["local.enable_custom_domain"]}},{"address":"aws_route_table.private","mode":"managed","type":"aws_route_table","name":"private","provider_config_key":"aws","expressions":{"route":{"references":["aws_nat_gateway.this","count.index"]},"tags":{"references":["local.name_prefix","count.index"]},"vpc_id":{"references":["aws_vpc.this.id","aws_vpc.this"]}},"schema_version":0,"count_expression":{"references":["aws_subnet.private"]}},{"address":"aws_route_table.public","mode":"managed","type":"aws_route_table","name":"public","provider_config_key":"aws","expressions":{"route":{"references":["aws_internet_gateway.this.id","aws_internet_gateway.this"]},"tags":{"references":["local.name_prefix"]},"vpc_id":{"references":["aws_vpc.this.id","aws_vpc.this"]}},"schema_version":0},{"address":"aws_route_table_association.private","mode":"managed","type":"aws_route_table_association","name":"private","provider_config_key":"aws","expressions":{"route_table_id":{"references":["aws_route_table.private","count.index"]},"subnet_id":{"references":["aws_subnet.private","count.index"]}},"schema_version":0,"count_expression":{"references":["aws_subnet.private"]}},{"address":"aws_route_table_association.public","mode":"managed","type":"aws_route_table_association","name":"public","provider_config_key":"aws","expressions":{"route_table_id":{"references":["aws_route_table.public.id","aws_route_table.public"]},"subnet_id":{"references":["aws_subnet.public","count.index"]}},"schema_version":0,"count_expression":{"references":["aws_subnet.public"]}},{"address":"aws_s3_bucket.artifacts","mode":"managed","type":"aws_s3_bucket","name":"artifacts","provider_config_key":"aws","expressions":{"bucket_prefix":{"references":["local.name_prefix"]},"force_destroy":{"constant_value":true}},"schema_version":0},{"address":"aws_s3_bucket.cloudtrail","mode":"managed","type":"aws_s3_bucket","name":"cloudtrail","provider_config_key":"aws","expressions":{"bucket_prefix":{"references":["local.name_prefix"]},"force_destroy":{"constant_value":true}},"schema_version":0},{"address":"aws_s3_bucket_policy.cloudtrail","mode":"managed","type":"aws_s3_bucket_policy","name":"cloudtrail","provider_config_key":"aws","expressions":{"bucket":{"references":["aws_s3_bucket.cloudtrail.id","aws_s3_bucket.cloudtrail"]},"policy":{"references":["aws_s3_bucket.cloudtrail.arn","aws_s3_bucket.cloudtrail","aws_s3_bucket.cloudtrail.arn","aws_s3_bucket.cloudtrail","data.aws_caller_identity.current.account_id","data.aws_caller_identity.current"]}},"schema_version":0},{"address":"aws_s3_bucket_public_access_block.artifacts","mode":"managed","type":"aws_s3_bucket_public_access_block","name":"artifacts","provider_config_key":"aws","expressions":{"block_public_acls":{"constant_value":true},"block_public_policy":{"constant_value":true},"bucket":{"references":["aws_s3_bucket.artifacts.id","aws_s3_bucket.artifacts"]},"ignore_public_acls":{"constant_value":true},"restrict_public_buckets":{"constant_value":true}},"schema_version":0},{"address":"aws_s3_bucket_public_access_block.cloudtrail","mode":"managed","type":"aws_s3_bucket_public_access_block","name":"cloudtrail","provider_config_key":"aws","expressions":{"block_public_acls":{"constant_value":true},"block_public_policy":{"constant_value":true},"bucket":{"references":["aws_s3_bucket.cloudtrail.id","aws_s3_bucket.cloudtrail"]},"ignore_public_acls":{"constant_value":true},"restrict_public_buckets":{"constant_value":true}},"schema_version":0},{"address":"aws_s3_bucket_server_side_encryption_configuration.artifacts","mode":"managed","type":"aws_s3_bucket_server_side_encryption_configuration","name":"artifacts","provider_config_key":"aws","expressions":{"bucket":{"references":["aws_s3_bucket.artifacts.id","aws_s3_bucket.artifacts"]},"rule":[{"apply_server_side_encryption_by_default":[{"sse_algorithm":{"constant_value":"AES256"}}]}]},"schema_version":0},{"address":"aws_s3_bucket_server_side_encryption_configuration.cloudtrail","mode":"managed","type":"aws_s3_bucket_server_side_encryption_configuration","name":"cloudtrail","provider_config_key":"aws","expressions":{"bucket":{"references":["aws_s3_bucket.cloudtrail.id","aws_s3_bucket.cloudtrail"]},"rule":[{"apply_server_side_encryption_by_default":[{"sse_algorithm":{"constant_value":"AES256"}}]}]},"schema_version":0},{"address":"aws_s3_bucket_versioning.artifacts","mode":"managed","type":"aws_s3_bucket_versioning","name":"artifacts","provider_config_key":"aws","expressions":{"bucket":{"references":["aws_s3_bucket.artifacts.id","aws_s3_bucket.artifacts"]},"versioning_configuration":[{"status":{"constant_value":"Enabled"}}]},"schema_version":0},{"address":"aws_security_group.alb","mode":"managed","type":"aws_security_group","name":"alb","provider_config_key":"aws","expressions":{"description":{"constant_value":"ALB security group"},"egress":{"constant_value":[{"cidr_blocks":["0.0.0.0/0"],"description":null,"from_port":0,"ipv6_cidr_blocks":null,"prefix_list_ids":null,"protocol":"-1","security_groups":null,"self":null,"to_port":0}]},"ingress":{"constant_value":[{"cidr_blocks":["0.0.0.0/0"],"description":"HTTP","from_port":80,"ipv6_cidr_blocks":null,"prefix_list_ids":null,"protocol":"tcp","security_groups":null,"self":null,"to_port":80},{"cidr_blocks":["0.0.0.0/0"],"description":"HTTPS","from_port":443,"ipv6_cidr_blocks":null,"prefix_list_ids":null,"protocol":"tcp","security_groups":null,"self":null,"to_port":443}]},"name":{"references":["local.name_prefix"]},"tags":{"references":["local.name_prefix"]},"vpc_id":{"references":["aws_vpc.this.id","aws_vpc.this"]}},"schema_version":1},{"address":"aws_security_group.ecs","mode":"managed","type":"aws_security_group","name":"ecs","provider_config_key":"aws","expressions":{"description":{"constant_value":"ECS tasks security group"},"egress":{"constant_value":[{"cidr_blocks":["0.0.0.0/0"],"description":null,"from_port":0,"ipv6_cidr_blocks":null,"prefix_list_ids":null,"protocol":"-1","security_groups":null,"self":null,"to_port":0}]},"ingress":{"references":["var.container_port","var.container_port","aws_security_group.alb.id","aws_security_group.alb"]},"name":{"references":["local.name_prefix"]},"tags":{"references":["local.name_prefix"]},"vpc_id":{"references":["aws_vpc.this.id","aws_vpc.this"]}},"schema_version":1},{"address":"aws_security_group.vpce","mode":"managed","type":"aws_security_group","name":"vpce","provider_config_key":"aws","expressions":{"description":{"constant_value":"Security group for interface VPC endpoints"},"egress":{"constant_value":[{"cidr_blocks":["0.0.0.0/0"],"description":null,"from_port":0,"ipv6_cidr_blocks":null,"prefix_list_ids":null,"protocol":"-1","security_groups":null,"self":null,"to_port":0}]},"ingress":{"references":["aws_vpc.this.cidr_block","aws_vpc.this"]},"name":{"references":["local.name_prefix"]},"tags":{"references":["local.name_prefix"]},"vpc_id":{"references":["aws_vpc.this.id","aws_vpc.this"]}},"schema_version":1},{"address":"aws_subnet.private","mode":"managed","type":"aws_subnet","name":"private","provider_config_key":"aws","expressions":{"availability_zone":{"references":["data.aws_availability_zones.available.names","data.aws_availability_zones.available","count.index"]},"cidr_block":{"references":["var.private_subnet_cidrs","count.index"]},"map_public_ip_on_launch":{"constant_value":false},"tags":{"references":["local.name_prefix","count.index"]},"vpc_id":{"references":["aws_vpc.this.id","aws_vpc.this"]}},"schema_version":1,"count_expression":{"references":["var.private_subnet_cidrs"]}},{"address":"aws_subnet.public","mode":"managed","type":"aws_subnet","name":"public","provider_config_key":"aws","expressions":{"availability_zone":{"references":["data.aws_availability_zones.available.names","data.aws_availability_zones.available","count.index"]},"cidr_block":{"references":["var.public_subnet_cidrs","count.index"]},"map_public_ip_on_launch":{"constant_value":true},"tags":{"references":["local.name_prefix","count.index"]},"vpc_id":{"references":["aws_vpc.this.id","aws_vpc.this"]}},"schema_version":1,"count_expression":{"references":["var.public_subnet_cidrs"]}},{"address":"aws_vpc.this","mode":"managed","type":"aws_vpc","name":"this","provider_config_key":"aws","expressions":{"cidr_block":{"references":["var.vpc_cidr"]},"enable_dns_hostnames":{"constant_value":true},"enable_dns_support":{"constant_value":true},"tags":{"references":["local.name_prefix"]}},"schema_version":1},{"address":"aws_vpc_endpoint.ecr_api","mode":"managed","type":"aws_vpc_endpoint","name":"ecr_api","provider_config_key":"aws","expressions":{"private_dns_enabled":{"constant_value":true},"security_group_ids":{"references":["aws_security_group.vpce.id","aws_security_group.vpce"]},"service_name":{"references":["var.aws_region"]},"subnet_ids":{"references":["aws_subnet.private"]},"tags":{"references":["local.name_prefix"]},"vpc_endpoint_type":{"constant_value":"Interface"},"vpc_id":{"references":["aws_vpc.this.id","aws_vpc.this"]}},"schema_version":0},{"address":"aws_vpc_endpoint.ecr_dkr","mode":"managed","type":"aws_vpc_endpoint","name":"ecr_dkr","provider_config_key":"aws","expressions":{"private_dns_enabled":{"constant_value":true},"security_group_ids":{"references":["aws_security_group.vpce.id","aws_security_group.vpce"]},"service_name":{"references":["var.aws_region"]},"subnet_ids":{"references":["aws_subnet.private"]},"tags":{"references":["local.name_prefix"]},"vpc_endpoint_type":{"constant_value":"Interface"},"vpc_id":{"references":["aws_vpc.this.id","aws_vpc.this"]}},"schema_version":0},{"address":"aws_vpc_endpoint.logs","mode":"managed","type":"aws_vpc_endpoint","name":"logs","provider_config_key":"aws","expressions":{"private_dns_enabled":{"constant_value":true},"security_group_ids":{"references":["aws_security_group.vpce.id","aws_security_group.vpce"]},"service_name":{"references":["var.aws_region"]},"subnet_ids":{"references":["aws_subnet.private"]},"tags":{"references":["local.name_prefix"]},"vpc_endpoint_type":{"constant_value":"Interface"},"vpc_id":{"references":["aws_vpc.this.id","aws_vpc.this"]}},"schema_version":0},{"address":"aws_vpc_endpoint.s3","mode":"managed","type":"aws_vpc_endpoint","name":"s3","provider_config_key":"aws","expressions":{"route_table_ids":{"references":["aws_route_table.public.id","aws_route_table.public","aws_route_table.private"]},"service_name":{"references":["var.aws_region"]},"tags":{"references":["local.name_prefix"]},"vpc_endpoint_type":{"constant_value":"Gateway"},"vpc_id":{"references":["aws_vpc.this.id","aws_vpc.this"]}},"schema_version":0},{"address":"aws_wafv2_web_acl.this","mode":"managed","type":"aws_wafv2_web_acl","name":"this","provider_config_key":"aws","expressions":{"default_action":[{"allow":[{}]}],"name":{"references":["local.name_prefix"]},"rule":[{"name":{"constant_value":"AWSManagedRulesCommonRuleSet"},"override_action":[{"none":[{}]}],"priority":{"constant_value":1},"statement":[{"managed_rule_group_statement":[{"name":{"constant_value":"AWSManagedRulesCommonRuleSet"},"vendor_name":{"constant_value":"AWS"}}]}],"visibility_config":[{"cloudwatch_metrics_enabled":{"constant_value":true},"metric_name":{"constant_value":"commonRuleSet"},"sampled_requests_enabled":{"constant_value":true}}]}],"scope":{"constant_value":"REGIONAL"},"visibility_config":[{"cloudwatch_metrics_enabled":{"constant_value":true},"metric_name":{"references":["local.name_prefix"]},"sampled_requests_enabled":{"constant_value":true}}]},"schema_version":0,"count_expression":{"references":["var.enable_waf"]}},{"address":"aws_wafv2_web_acl_association.alb","mode":"managed","type":"aws_wafv2_web_acl_association","name":"alb","provider_config_key":"aws","expressions":{"resource_arn":{"references":["aws_lb.this.arn","aws_lb.this"]},"web_acl_arn":{"references":["aws_wafv2_web_acl.this[0].arn","aws_wafv2_web_acl.this[0]","aws_wafv2_web_acl.this"]}},"schema_version":0,"count_expression":{"references":["var.enable_waf"]}},{"address":"data.aws_availability_zones.available","mode":"data","type":"aws_availability_zones","name":"available","provider_config_key":"aws","expressions":{"state":{"constant_value":"available"}},"schema_version":0},{"address":"data.aws_caller_identity.current","mode":"data","type":"aws_caller_identity","name":"current","provider_config_key":"aws","schema_version":0},{"address":"data.aws_partition.current","mode":"data","type":"aws_partition","name":"current","provider_config_key":"aws","schema_version":0}],"variables":{"aws_region":{"default":"us-east-1","description":"AWS region to deploy into."},"container_port":{"default":80,"description":"Container port exposed by Nginx."},"desired_count":{"default":2,"description":"Desired number of ECS tasks."},"domain_name":{"default":"","description":"Optional: Route53 record name to create (e.g., www.example.com). Leave empty to skip Route53+ACM."},"enable_waf":{"default":false,"description":"Whether to attach an AWS WAFv2 Web ACL with AWS managed rules to the ALB."},"environment":{"default":"dev","description":"Environment name (e.g., dev, staging, prod)."},"hosted_zone_id":{"default":"","description":"Optional: Route53 hosted zone id for domain_name. Required if domain_name is set."},"private_subnet_cidrs":{"default":["10.0.10.0/24","10.0.11.0/24"],"description":"Private subnet CIDRs (2 AZs recommended)."},"project_name":{"default":"static-nginx","description":"Project/name prefix used for resources."},"public_subnet_cidrs":{"default":["10.0.0.0/24","10.0.1.0/24"],"description":"Public subnet CIDRs (2 AZs recommended)."},"task_cpu":{"default":256,"description":"Fargate task CPU units."},"task_memory":{"default":512,"description":"Fargate task memory (MiB)."},"vpc_cidr":{"default":"10.0.0.0/16","description":"CIDR block for the VPC."}}}},"relevant_attributes":[{"resource":"data.aws_caller_identity.current","attribute":["account_id"]},{"resource":"aws_cloudwatch_log_group.app","attribute":["name"]},{"resource":"aws_s3_bucket.cloudtrail","attribute":["id"]},{"resource":"aws_appautoscaling_target.ecs","attribute":["resource_id"]},{"resource":"aws_lb_target_group.app","attribute":["arn"]},{"resource":"aws_appautoscaling_target.ecs","attribute":["scalable_dimension"]},{"resource":"aws_codepipeline.app","attribute":["name"]},{"resource":"aws_ecr_repository.app","attribute":["repository_url"]},{"resource":"data.aws_partition.current","attribute":["partition"]},{"resource":"aws_eip.nat","attribute":[]},{"resource":"data.aws_availability_zones.available","attribute":["names"]},{"resource":"aws_iam_role.codepipeline","attribute":["id"]},{"resource":"aws_ecr_repository.app","attribute":["arn"]},{"resource":"aws_subnet.public","attribute":[]},{"resource":"aws_internet_gateway.this","attribute":["id"]},{"resource":"aws_s3_bucket.cloudtrail","attribute":["bucket"]},{"resource":"aws_codebuild_project.app","attribute":["arn"]},{"resource":"aws_s3_bucket.artifacts","attribute":["id"]},{"resource":"aws_iam_role.codepipeline","attribute":["arn"]},{"resource":"aws_security_group.ecs","attribute":["id"]},{"resource":"aws_ecr_repository.app","attribute":["name"]},{"resource":"aws_codecommit_repository.app","attribute":["arn"]},{"resource":"aws_security_group.alb","attribute":["id"]},{"resource":"aws_iam_role.codebuild","attribute":["id"]},{"resource":"aws_s3_bucket.artifacts","attribute":["arn"]},{"resource":"aws_route_table.private","attribute":[]},{"resource":"aws_subnet.private","attribute":[]},{"resource":"aws_iam_role.ecs_task_execution","attribute":["arn"]},{"resource":"aws_s3_bucket.artifacts","attribute":["bucket"]},{"resource":"aws_s3_bucket.cloudtrail","attribute":["arn"]},{"resource":"aws_appautoscaling_target.ecs","attribute":["service_namespace"]},{"resource":"aws_ecs_service.app","attribute":["name"]},{"resource":"aws_ecs_task_definition.app","attribute":["arn"]},{"resource":"aws_security_group.vpce","attribute":["id"]},{"resource":"aws_codebuild_project.app","attribute":["name"]},{"resource":"aws_codecommit_repository.app","attribute":["repository_name"]},{"resource":"aws_ecs_cluster.this","attribute":["name"]},{"resource":"aws_iam_role.codebuild","attribute":["arn"]},{"resource":"aws_codecommit_repository.app","attribute":["clone_url_http"]},{"resource":"aws_route_table.public","attribute":["id"]},{"resource":"aws_ecs_cluster.this","attribute":["id"]},{"resource":"aws_lb.this","attribute":["arn"]},{"resource":"aws_nat_gateway.this","attribute":[]},{"resource":"aws_iam_role.ecs_task_execution","attribute":["name"]},{"resource":"aws_lb.this","attribute":["dns_name"]},{"resource":"aws_vpc.this","attribute":["cidr_block"]},{"resource":"aws_vpc.this","attribute":["id"]}],"timestamp":"2026-01-27T13:06:43Z","applyable":true,"complete":true,"errored":false}
