data.aws_availability_zones.available: Reading...
data.aws_caller_identity.current: Reading...
data.aws_partition.current: Reading...
data.aws_partition.current: Read complete after 0s [id=aws]
data.aws_caller_identity.current: Read complete after 0s [id=000000000000]
data.aws_availability_zones.available: Read complete after 0s [id=us-east-1]

Terraform used the selected providers to generate the following execution
plan. Resource actions are indicated with the following symbols:
  + create

Terraform will perform the following actions:

  # aws_appautoscaling_policy.cpu will be created
  + resource "aws_appautoscaling_policy" "cpu" {
      + alarm_arns         = (known after apply)
      + arn                = (known after apply)
      + id                 = (known after apply)
      + name               = "static-nginx-dev-cpu-scaling"
      + policy_type        = "TargetTrackingScaling"
      + region             = "us-east-1"
      + resource_id        = "service/static-nginx-dev-cluster/static-nginx-dev-svc"
      + scalable_dimension = "ecs:service:DesiredCount"
      + service_namespace  = "ecs"

      + target_tracking_scaling_policy_configuration {
          + disable_scale_in   = false
          + scale_in_cooldown  = 60
          + scale_out_cooldown = 60
          + target_value       = 50

          + predefined_metric_specification {
              + predefined_metric_type = "ECSServiceAverageCPUUtilization"
            }
        }
    }

  # aws_appautoscaling_target.ecs will be created
  + resource "aws_appautoscaling_target" "ecs" {
      + arn                = (known after apply)
      + id                 = (known after apply)
      + max_capacity       = 4
      + min_capacity       = 2
      + region             = "us-east-1"
      + resource_id        = "service/static-nginx-dev-cluster/static-nginx-dev-svc"
      + role_arn           = (known after apply)
      + scalable_dimension = "ecs:service:DesiredCount"
      + service_namespace  = "ecs"
      + tags_all           = {
          + "Environment" = "dev"
          + "ManagedBy"   = "terraform"
          + "Project"     = "static-nginx"
        }

      + suspended_state (known after apply)
    }

  # aws_cloudtrail.this will be created
  + resource "aws_cloudtrail" "this" {
      + arn                           = (known after apply)
      + enable_log_file_validation    = false
      + enable_logging                = true
      + home_region                   = (known after apply)
      + id                            = (known after apply)
      + include_global_service_events = true
      + is_multi_region_trail         = true
      + is_organization_trail         = false
      + name                          = "static-nginx-dev-trail"
      + region                        = "us-east-1"
      + s3_bucket_name                = (known after apply)
      + sns_topic_arn                 = (known after apply)
      + tags_all                      = {
          + "Environment" = "dev"
          + "ManagedBy"   = "terraform"
          + "Project"     = "static-nginx"
        }
    }

  # aws_cloudwatch_log_group.app will be created
  + resource "aws_cloudwatch_log_group" "app" {
      + arn                         = (known after apply)
      + deletion_protection_enabled = (known after apply)
      + id                          = (known after apply)
      + log_group_class             = (known after apply)
      + name                        = "/ecs/static-nginx-dev"
      + name_prefix                 = (known after apply)
      + region                      = "us-east-1"
      + retention_in_days           = 14
      + skip_destroy                = false
      + tags_all                    = {
          + "Environment" = "dev"
          + "ManagedBy"   = "terraform"
          + "Project"     = "static-nginx"
        }
    }

  # aws_codebuild_project.app will be created
  + resource "aws_codebuild_project" "app" {
      + arn                  = (known after apply)
      + auto_retry_limit     = (known after apply)
      + badge_enabled        = false
      + badge_url            = (known after apply)
      + build_timeout        = 60
      + description          = "Build and push Docker image to ECR"
      + encryption_key       = (known after apply)
      + id                   = (known after apply)
      + name                 = "static-nginx-dev-build"
      + project_visibility   = "PRIVATE"
      + public_project_alias = (known after apply)
      + queued_timeout       = 480
      + region               = "us-east-1"
      + service_role         = (known after apply)
      + tags_all             = {
          + "Environment" = "dev"
          + "ManagedBy"   = "terraform"
          + "Project"     = "static-nginx"
        }

      + artifacts {
          + encryption_disabled    = false
          + override_artifact_name = false
          + type                   = "CODEPIPELINE"
        }

      + environment {
          + compute_type                = "BUILD_GENERAL1_SMALL"
          + image                       = "aws/codebuild/standard:7.0"
          + image_pull_credentials_type = "CODEBUILD"
          + privileged_mode             = true
          + type                        = "LINUX_CONTAINER"

          + environment_variable {
              + name  = "AWS_ACCOUNT_ID"
              + type  = "PLAINTEXT"
              + value = "000000000000"
            }
          + environment_variable {
              + name  = "AWS_DEFAULT_REGION"
              + type  = "PLAINTEXT"
              + value = "us-east-1"
            }
          + environment_variable {
              + name  = "IMAGE_REPO_NAME"
              + type  = "PLAINTEXT"
              + value = "static-nginx-dev-app"
            }
          + environment_variable {
              + name  = "CONTAINER_NAME"
              + type  = "PLAINTEXT"
              + value = "nginx"
            }
        }

      + logs_config {
          + cloudwatch_logs {
              + group_name  = "/codebuild/static-nginx-dev"
              + status      = "ENABLED"
              + stream_name = "build"
            }
        }

      + source {
          + buildspec = "buildspec.yml"
          + type      = "CODEPIPELINE"
        }
    }

  # aws_codecommit_repository.app will be created
  + resource "aws_codecommit_repository" "app" {
      + arn             = (known after apply)
      + clone_url_http  = (known after apply)
      + clone_url_ssh   = (known after apply)
      + description     = "Source repository for static-nginx-dev"
      + id              = (known after apply)
      + kms_key_id      = (known after apply)
      + region          = "us-east-1"
      + repository_id   = (known after apply)
      + repository_name = "static-nginx-dev-repo"
      + tags_all        = {
          + "Environment" = "dev"
          + "ManagedBy"   = "terraform"
          + "Project"     = "static-nginx"
        }
    }

  # aws_codepipeline.app will be created
  + resource "aws_codepipeline" "app" {
      + arn            = (known after apply)
      + execution_mode = "SUPERSEDED"
      + id             = (known after apply)
      + name           = "static-nginx-dev-pipeline"
      + pipeline_type  = "V1"
      + region         = "us-east-1"
      + role_arn       = (known after apply)
      + tags_all       = {
          + "Environment" = "dev"
          + "ManagedBy"   = "terraform"
          + "Project"     = "static-nginx"
        }
      + trigger_all    = (known after apply)

      + artifact_store {
          + location = (known after apply)
          + type     = "S3"
            # (1 unchanged attribute hidden)
        }

      + stage {
          + name = "Source"

          + action {
              + category         = "Source"
              + configuration    = {
                  + "BranchName"           = "main"
                  + "PollForSourceChanges" = "true"
                  + "RepositoryName"       = "static-nginx-dev-repo"
                }
              + name             = "Source"
              + output_artifacts = [
                  + "source_output",
                ]
              + owner            = "AWS"
              + provider         = "CodeCommit"
              + region           = (known after apply)
              + run_order        = (known after apply)
              + version          = "1"
            }
        }
      + stage {
          + name = "Build"

          + action {
              + category         = "Build"
              + configuration    = {
                  + "ProjectName" = "static-nginx-dev-build"
                }
              + input_artifacts  = [
                  + "source_output",
                ]
              + name             = "Build"
              + output_artifacts = [
                  + "build_output",
                ]
              + owner            = "AWS"
              + provider         = "CodeBuild"
              + region           = (known after apply)
              + run_order        = (known after apply)
              + version          = "1"
            }
        }
      + stage {
          + name = "Deploy"

          + action {
              + category        = "Deploy"
              + configuration   = {
                  + "ClusterName" = "static-nginx-dev-cluster"
                  + "FileName"    = "imagedefinitions.json"
                  + "ServiceName" = "static-nginx-dev-svc"
                }
              + input_artifacts = [
                  + "build_output",
                ]
              + name            = "Deploy"
              + owner           = "AWS"
              + provider        = "ECS"
              + region          = (known after apply)
              + run_order       = (known after apply)
              + version         = "1"
            }
        }
    }

  # aws_ecr_lifecycle_policy.app will be created
  + resource "aws_ecr_lifecycle_policy" "app" {
      + id          = (known after apply)
      + policy      = jsonencode(
            {
              + rules = [
                  + {
                      + action       = {
                          + type = "expire"
                        }
                      + description  = "Expire untagged images older than 7 days"
                      + rulePriority = 1
                      + selection    = {
                          + countNumber = 7
                          + countType   = "sinceImagePushed"
                          + countUnit   = "days"
                          + tagStatus   = "untagged"
                        }
                    },
                  + {
                      + action       = {
                          + type = "expire"
                        }
                      + description  = "Keep last 30 images"
                      + rulePriority = 2
                      + selection    = {
                          + countNumber = 30
                          + countType   = "imageCountMoreThan"
                          + tagStatus   = "any"
                        }
                    },
                ]
            }
        )
      + region      = "us-east-1"
      + registry_id = (known after apply)
      + repository  = "static-nginx-dev-app"
    }

  # aws_ecr_repository.app will be created
  + resource "aws_ecr_repository" "app" {
      + arn                  = (known after apply)
      + id                   = (known after apply)
      + image_tag_mutability = "MUTABLE"
      + name                 = "static-nginx-dev-app"
      + region               = "us-east-1"
      + registry_id          = (known after apply)
      + repository_url       = (known after apply)
      + tags                 = {
          + "Name" = "static-nginx-dev-ecr"
        }
      + tags_all             = {
          + "Environment" = "dev"
          + "ManagedBy"   = "terraform"
          + "Name"        = "static-nginx-dev-ecr"
          + "Project"     = "static-nginx"
        }

      + encryption_configuration {
          + encryption_type = "AES256"
          + kms_key         = (known after apply)
        }

      + image_scanning_configuration {
          + scan_on_push = true
        }
    }

  # aws_ecs_cluster.this will be created
  + resource "aws_ecs_cluster" "this" {
      + arn      = (known after apply)
      + id       = (known after apply)
      + name     = "static-nginx-dev-cluster"
      + region   = "us-east-1"
      + tags_all = {
          + "Environment" = "dev"
          + "ManagedBy"   = "terraform"
          + "Project"     = "static-nginx"
        }

      + setting {
          + name  = "containerInsights"
          + value = "enabled"
        }
    }

  # aws_ecs_service.app will be created
  + resource "aws_ecs_service" "app" {
      + arn                                = (known after apply)
      + availability_zone_rebalancing      = (known after apply)
      + cluster                            = (known after apply)
      + deployment_maximum_percent         = 200
      + deployment_minimum_healthy_percent = 50
      + desired_count                      = 2
      + enable_ecs_managed_tags            = false
      + enable_execute_command             = false
      + iam_role                           = (known after apply)
      + id                                 = (known after apply)
      + launch_type                        = "FARGATE"
      + name                               = "static-nginx-dev-svc"
      + platform_version                   = (known after apply)
      + region                             = "us-east-1"
      + scheduling_strategy                = "REPLICA"
      + tags_all                           = {
          + "Environment" = "dev"
          + "ManagedBy"   = "terraform"
          + "Project"     = "static-nginx"
        }
      + task_definition                    = (known after apply)
      + triggers                           = (known after apply)
      + wait_for_steady_state              = false

      + deployment_configuration (known after apply)

      + load_balancer {
          + container_name   = "nginx"
          + container_port   = 80
          + target_group_arn = (known after apply)
            # (1 unchanged attribute hidden)
        }

      + network_configuration {
          + assign_public_ip = false
          + security_groups  = (known after apply)
          + subnets          = (known after apply)
        }
    }

  # aws_ecs_task_definition.app will be created
  + resource "aws_ecs_task_definition" "app" {
      + arn                      = (known after apply)
      + arn_without_revision     = (known after apply)
      + container_definitions    = (known after apply)
      + cpu                      = "256"
      + enable_fault_injection   = (known after apply)
      + execution_role_arn       = (known after apply)
      + family                   = "static-nginx-dev-task"
      + id                       = (known after apply)
      + memory                   = "512"
      + network_mode             = "awsvpc"
      + region                   = "us-east-1"
      + requires_compatibilities = [
          + "FARGATE",
        ]
      + revision                 = (known after apply)
      + skip_destroy             = false
      + tags_all                 = {
          + "Environment" = "dev"
          + "ManagedBy"   = "terraform"
          + "Project"     = "static-nginx"
        }
      + track_latest             = false
    }

  # aws_eip.nat[0] will be created
  + resource "aws_eip" "nat" {
      + allocation_id        = (known after apply)
      + arn                  = (known after apply)
      + association_id       = (known after apply)
      + carrier_ip           = (known after apply)
      + customer_owned_ip    = (known after apply)
      + domain               = "vpc"
      + id                   = (known after apply)
      + instance             = (known after apply)
      + ipam_pool_id         = (known after apply)
      + network_border_group = (known after apply)
      + network_interface    = (known after apply)
      + private_dns          = (known after apply)
      + private_ip           = (known after apply)
      + ptr_record           = (known after apply)
      + public_dns           = (known after apply)
      + public_ip            = (known after apply)
      + public_ipv4_pool     = (known after apply)
      + region               = "us-east-1"
      + tags                 = {
          + "Name" = "static-nginx-dev-nat-eip-1"
        }
      + tags_all             = {
          + "Environment" = "dev"
          + "ManagedBy"   = "terraform"
          + "Name"        = "static-nginx-dev-nat-eip-1"
          + "Project"     = "static-nginx"
        }
    }

  # aws_eip.nat[1] will be created
  + resource "aws_eip" "nat" {
      + allocation_id        = (known after apply)
      + arn                  = (known after apply)
      + association_id       = (known after apply)
      + carrier_ip           = (known after apply)
      + customer_owned_ip    = (known after apply)
      + domain               = "vpc"
      + id                   = (known after apply)
      + instance             = (known after apply)
      + ipam_pool_id         = (known after apply)
      + network_border_group = (known after apply)
      + network_interface    = (known after apply)
      + private_dns          = (known after apply)
      + private_ip           = (known after apply)
      + ptr_record           = (known after apply)
      + public_dns           = (known after apply)
      + public_ip            = (known after apply)
      + public_ipv4_pool     = (known after apply)
      + region               = "us-east-1"
      + tags                 = {
          + "Name" = "static-nginx-dev-nat-eip-2"
        }
      + tags_all             = {
          + "Environment" = "dev"
          + "ManagedBy"   = "terraform"
          + "Name"        = "static-nginx-dev-nat-eip-2"
          + "Project"     = "static-nginx"
        }
    }

  # aws_iam_role.codebuild will be created
  + resource "aws_iam_role" "codebuild" {
      + arn                   = (known after apply)
      + assume_role_policy    = jsonencode(
            {
              + Statement = [
                  + {
                      + Action    = "sts:AssumeRole"
                      + Effect    = "Allow"
                      + Principal = {
                          + Service = "codebuild.amazonaws.com"
                        }
                    },
                ]
              + Version   = "2012-10-17"
            }
        )
      + create_date           = (known after apply)
      + force_detach_policies = false
      + id                    = (known after apply)
      + managed_policy_arns   = (known after apply)
      + max_session_duration  = 3600
      + name                  = "static-nginx-dev-codebuild"
      + name_prefix           = (known after apply)
      + path                  = "/"
      + tags_all              = {
          + "Environment" = "dev"
          + "ManagedBy"   = "terraform"
          + "Project"     = "static-nginx"
        }
      + unique_id             = (known after apply)

      + inline_policy (known after apply)
    }

  # aws_iam_role.codepipeline will be created
  + resource "aws_iam_role" "codepipeline" {
      + arn                   = (known after apply)
      + assume_role_policy    = jsonencode(
            {
              + Statement = [
                  + {
                      + Action    = "sts:AssumeRole"
                      + Effect    = "Allow"
                      + Principal = {
                          + Service = "codepipeline.amazonaws.com"
                        }
                    },
                ]
              + Version   = "2012-10-17"
            }
        )
      + create_date           = (known after apply)
      + force_detach_policies = false
      + id                    = (known after apply)
      + managed_policy_arns   = (known after apply)
      + max_session_duration  = 3600
      + name                  = "static-nginx-dev-codepipeline"
      + name_prefix           = (known after apply)
      + path                  = "/"
      + tags_all              = {
          + "Environment" = "dev"
          + "ManagedBy"   = "terraform"
          + "Project"     = "static-nginx"
        }
      + unique_id             = (known after apply)

      + inline_policy (known after apply)
    }

  # aws_iam_role.ecs_task_execution will be created
  + resource "aws_iam_role" "ecs_task_execution" {
      + arn                   = (known after apply)
      + assume_role_policy    = jsonencode(
            {
              + Statement = [
                  + {
                      + Action    = "sts:AssumeRole"
                      + Effect    = "Allow"
                      + Principal = {
                          + Service = "ecs-tasks.amazonaws.com"
                        }
                    },
                ]
              + Version   = "2012-10-17"
            }
        )
      + create_date           = (known after apply)
      + force_detach_policies = false
      + id                    = (known after apply)
      + managed_policy_arns   = (known after apply)
      + max_session_duration  = 3600
      + name                  = "static-nginx-dev-ecs-task-exec"
      + name_prefix           = (known after apply)
      + path                  = "/"
      + tags_all              = {
          + "Environment" = "dev"
          + "ManagedBy"   = "terraform"
          + "Project"     = "static-nginx"
        }
      + unique_id             = (known after apply)

      + inline_policy (known after apply)
    }

  # aws_iam_role_policy.codebuild will be created
  + resource "aws_iam_role_policy" "codebuild" {
      + id          = (known after apply)
      + name        = "static-nginx-dev-codebuild-policy"
      + name_prefix = (known after apply)
      + policy      = (known after apply)
      + role        = (known after apply)
    }

  # aws_iam_role_policy.codepipeline will be created
  + resource "aws_iam_role_policy" "codepipeline" {
      + id          = (known after apply)
      + name        = "static-nginx-dev-codepipeline-policy"
      + name_prefix = (known after apply)
      + policy      = (known after apply)
      + role        = (known after apply)
    }

  # aws_iam_role_policy_attachment.ecs_task_execution will be created
  + resource "aws_iam_role_policy_attachment" "ecs_task_execution" {
      + id         = (known after apply)
      + policy_arn = "arn:aws:iam::aws:policy/service-role/AmazonECSTaskExecutionRolePolicy"
      + role       = "static-nginx-dev-ecs-task-exec"
    }

  # aws_internet_gateway.this will be created
  + resource "aws_internet_gateway" "this" {
      + arn      = (known after apply)
      + id       = (known after apply)
      + owner_id = (known after apply)
      + region   = "us-east-1"
      + tags     = {
          + "Name" = "static-nginx-dev-igw"
        }
      + tags_all = {
          + "Environment" = "dev"
          + "ManagedBy"   = "terraform"
          + "Name"        = "static-nginx-dev-igw"
          + "Project"     = "static-nginx"
        }
      + vpc_id   = (known after apply)
    }

  # aws_lb.this will be created
  + resource "aws_lb" "this" {
      + arn                                                          = (known after apply)
      + arn_suffix                                                   = (known after apply)
      + client_keep_alive                                            = 3600
      + desync_mitigation_mode                                       = "defensive"
      + dns_name                                                     = (known after apply)
      + drop_invalid_header_fields                                   = false
      + enable_deletion_protection                                   = false
      + enable_http2                                                 = true
      + enable_tls_version_and_cipher_suite_headers                  = false
      + enable_waf_fail_open                                         = false
      + enable_xff_client_port                                       = false
      + enable_zonal_shift                                           = false
      + enforce_security_group_inbound_rules_on_private_link_traffic = (known after apply)
      + id                                                           = (known after apply)
      + idle_timeout                                                 = 60
      + internal                                                     = false
      + ip_address_type                                              = (known after apply)
      + load_balancer_type                                           = "application"
      + name                                                         = "static-nginx-dev-alb"
      + name_prefix                                                  = (known after apply)
      + preserve_host_header                                         = false
      + region                                                       = "us-east-1"
      + secondary_ips_auto_assigned_per_subnet                       = (known after apply)
      + security_groups                                              = (known after apply)
      + subnets                                                      = (known after apply)
      + tags                                                         = {
          + "Name" = "static-nginx-dev-alb"
        }
      + tags_all                                                     = {
          + "Environment" = "dev"
          + "ManagedBy"   = "terraform"
          + "Name"        = "static-nginx-dev-alb"
          + "Project"     = "static-nginx"
        }
      + vpc_id                                                       = (known after apply)
      + xff_header_processing_mode                                   = "append"
      + zone_id                                                      = (known after apply)

      + subnet_mapping (known after apply)
    }

  # aws_lb_listener.http will be created
  + resource "aws_lb_listener" "http" {
      + arn                                                                   = (known after apply)
      + id                                                                    = (known after apply)
      + load_balancer_arn                                                     = (known after apply)
      + port                                                                  = 80
      + protocol                                                              = "HTTP"
      + region                                                                = "us-east-1"
      + routing_http_request_x_amzn_mtls_clientcert_header_name               = (known after apply)
      + routing_http_request_x_amzn_mtls_clientcert_issuer_header_name        = (known after apply)
      + routing_http_request_x_amzn_mtls_clientcert_leaf_header_name          = (known after apply)
      + routing_http_request_x_amzn_mtls_clientcert_serial_number_header_name = (known after apply)
      + routing_http_request_x_amzn_mtls_clientcert_subject_header_name       = (known after apply)
      + routing_http_request_x_amzn_mtls_clientcert_validity_header_name      = (known after apply)
      + routing_http_request_x_amzn_tls_cipher_suite_header_name              = (known after apply)
      + routing_http_request_x_amzn_tls_version_header_name                   = (known after apply)
      + routing_http_response_access_control_allow_credentials_header_value   = (known after apply)
      + routing_http_response_access_control_allow_headers_header_value       = (known after apply)
      + routing_http_response_access_control_allow_methods_header_value       = (known after apply)
      + routing_http_response_access_control_allow_origin_header_value        = (known after apply)
      + routing_http_response_access_control_expose_headers_header_value      = (known after apply)
      + routing_http_response_access_control_max_age_header_value             = (known after apply)
      + routing_http_response_content_security_policy_header_value            = (known after apply)
      + routing_http_response_server_enabled                                  = (known after apply)
      + routing_http_response_strict_transport_security_header_value          = (known after apply)
      + routing_http_response_x_content_type_options_header_value             = (known after apply)
      + routing_http_response_x_frame_options_header_value                    = (known after apply)
      + ssl_policy                                                            = (known after apply)
      + tags_all                                                              = {
          + "Environment" = "dev"
          + "ManagedBy"   = "terraform"
          + "Project"     = "static-nginx"
        }
      + tcp_idle_timeout_seconds                                              = (known after apply)

      + default_action {
          + order            = (known after apply)
          + target_group_arn = (known after apply)
          + type             = "forward"
        }

      + mutual_authentication (known after apply)
    }

  # aws_lb_target_group.app will be created
  + resource "aws_lb_target_group" "app" {
      + arn                                = (known after apply)
      + arn_suffix                         = (known after apply)
      + connection_termination             = (known after apply)
      + deregistration_delay               = "300"
      + id                                 = (known after apply)
      + ip_address_type                    = (known after apply)
      + lambda_multi_value_headers_enabled = false
      + load_balancer_arns                 = (known after apply)
      + load_balancing_algorithm_type      = (known after apply)
      + load_balancing_anomaly_mitigation  = (known after apply)
      + load_balancing_cross_zone_enabled  = (known after apply)
      + name                               = "static-nginx-dev-tg"
      + name_prefix                        = (known after apply)
      + port                               = 80
      + preserve_client_ip                 = (known after apply)
      + protocol                           = "HTTP"
      + protocol_version                   = (known after apply)
      + proxy_protocol_v2                  = false
      + region                             = "us-east-1"
      + slow_start                         = 0
      + tags                               = {
          + "Name" = "static-nginx-dev-tg"
        }
      + tags_all                           = {
          + "Environment" = "dev"
          + "ManagedBy"   = "terraform"
          + "Name"        = "static-nginx-dev-tg"
          + "Project"     = "static-nginx"
        }
      + target_type                        = "ip"
      + vpc_id                             = (known after apply)

      + health_check {
          + enabled             = true
          + healthy_threshold   = 2
          + interval            = 30
          + matcher             = "200-399"
          + path                = "/"
          + port                = "traffic-port"
          + protocol            = "HTTP"
          + timeout             = 5
          + unhealthy_threshold = 2
        }

      + stickiness (known after apply)

      + target_failover (known after apply)

      + target_group_health (known after apply)

      + target_health_state (known after apply)
    }

  # aws_nat_gateway.this[0] will be created
  + resource "aws_nat_gateway" "this" {
      + allocation_id                      = (known after apply)
      + association_id                     = (known after apply)
      + auto_provision_zones               = (known after apply)
      + auto_scaling_ips                   = (known after apply)
      + availability_mode                  = (known after apply)
      + connectivity_type                  = "public"
      + id                                 = (known after apply)
      + network_interface_id               = (known after apply)
      + private_ip                         = (known after apply)
      + public_ip                          = (known after apply)
      + region                             = "us-east-1"
      + regional_nat_gateway_address       = (known after apply)
      + regional_nat_gateway_auto_mode     = (known after apply)
      + route_table_id                     = (known after apply)
      + secondary_allocation_ids           = (known after apply)
      + secondary_private_ip_address_count = (known after apply)
      + secondary_private_ip_addresses     = (known after apply)
      + subnet_id                          = (known after apply)
      + tags                               = {
          + "Name" = "static-nginx-dev-nat-1"
        }
      + tags_all                           = {
          + "Environment" = "dev"
          + "ManagedBy"   = "terraform"
          + "Name"        = "static-nginx-dev-nat-1"
          + "Project"     = "static-nginx"
        }
      + vpc_id                             = (known after apply)
    }

  # aws_nat_gateway.this[1] will be created
  + resource "aws_nat_gateway" "this" {
      + allocation_id                      = (known after apply)
      + association_id                     = (known after apply)
      + auto_provision_zones               = (known after apply)
      + auto_scaling_ips                   = (known after apply)
      + availability_mode                  = (known after apply)
      + connectivity_type                  = "public"
      + id                                 = (known after apply)
      + network_interface_id               = (known after apply)
      + private_ip                         = (known after apply)
      + public_ip                          = (known after apply)
      + region                             = "us-east-1"
      + regional_nat_gateway_address       = (known after apply)
      + regional_nat_gateway_auto_mode     = (known after apply)
      + route_table_id                     = (known after apply)
      + secondary_allocation_ids           = (known after apply)
      + secondary_private_ip_address_count = (known after apply)
      + secondary_private_ip_addresses     = (known after apply)
      + subnet_id                          = (known after apply)
      + tags                               = {
          + "Name" = "static-nginx-dev-nat-2"
        }
      + tags_all                           = {
          + "Environment" = "dev"
          + "ManagedBy"   = "terraform"
          + "Name"        = "static-nginx-dev-nat-2"
          + "Project"     = "static-nginx"
        }
      + vpc_id                             = (known after apply)
    }

  # aws_route_table.private[0] will be created
  + resource "aws_route_table" "private" {
      + arn              = (known after apply)
      + id               = (known after apply)
      + owner_id         = (known after apply)
      + propagating_vgws = (known after apply)
      + region           = "us-east-1"
      + route            = [
          + {
              + cidr_block                 = "0.0.0.0/0"
              + nat_gateway_id             = (known after apply)
                # (11 unchanged attributes hidden)
            },
        ]
      + tags             = {
          + "Name" = "static-nginx-dev-private-rt-1"
        }
      + tags_all         = {
          + "Environment" = "dev"
          + "ManagedBy"   = "terraform"
          + "Name"        = "static-nginx-dev-private-rt-1"
          + "Project"     = "static-nginx"
        }
      + vpc_id           = (known after apply)
    }

  # aws_route_table.private[1] will be created
  + resource "aws_route_table" "private" {
      + arn              = (known after apply)
      + id               = (known after apply)
      + owner_id         = (known after apply)
      + propagating_vgws = (known after apply)
      + region           = "us-east-1"
      + route            = [
          + {
              + cidr_block                 = "0.0.0.0/0"
              + nat_gateway_id             = (known after apply)
                # (11 unchanged attributes hidden)
            },
        ]
      + tags             = {
          + "Name" = "static-nginx-dev-private-rt-2"
        }
      + tags_all         = {
          + "Environment" = "dev"
          + "ManagedBy"   = "terraform"
          + "Name"        = "static-nginx-dev-private-rt-2"
          + "Project"     = "static-nginx"
        }
      + vpc_id           = (known after apply)
    }

  # aws_route_table.public will be created
  + resource "aws_route_table" "public" {
      + arn              = (known after apply)
      + id               = (known after apply)
      + owner_id         = (known after apply)
      + propagating_vgws = (known after apply)
      + region           = "us-east-1"
      + route            = [
          + {
              + cidr_block                 = "0.0.0.0/0"
              + gateway_id                 = (known after apply)
                # (11 unchanged attributes hidden)
            },
        ]
      + tags             = {
          + "Name" = "static-nginx-dev-public-rt"
        }
      + tags_all         = {
          + "Environment" = "dev"
          + "ManagedBy"   = "terraform"
          + "Name"        = "static-nginx-dev-public-rt"
          + "Project"     = "static-nginx"
        }
      + vpc_id           = (known after apply)
    }

  # aws_route_table_association.private[0] will be created
  + resource "aws_route_table_association" "private" {
      + id             = (known after apply)
      + region         = "us-east-1"
      + route_table_id = (known after apply)
      + subnet_id      = (known after apply)
    }

  # aws_route_table_association.private[1] will be created
  + resource "aws_route_table_association" "private" {
      + id             = (known after apply)
      + region         = "us-east-1"
      + route_table_id = (known after apply)
      + subnet_id      = (known after apply)
    }

  # aws_route_table_association.public[0] will be created
  + resource "aws_route_table_association" "public" {
      + id             = (known after apply)
      + region         = "us-east-1"
      + route_table_id = (known after apply)
      + subnet_id      = (known after apply)
    }

  # aws_route_table_association.public[1] will be created
  + resource "aws_route_table_association" "public" {
      + id             = (known after apply)
      + region         = "us-east-1"
      + route_table_id = (known after apply)
      + subnet_id      = (known after apply)
    }

  # aws_s3_bucket.artifacts will be created
  + resource "aws_s3_bucket" "artifacts" {
      + acceleration_status         = (known after apply)
      + acl                         = (known after apply)
      + arn                         = (known after apply)
      + bucket                      = (known after apply)
      + bucket_domain_name          = (known after apply)
      + bucket_prefix               = "static-nginx-dev-artifacts-"
      + bucket_region               = (known after apply)
      + bucket_regional_domain_name = (known after apply)
      + force_destroy               = true
      + hosted_zone_id              = (known after apply)
      + id                          = (known after apply)
      + object_lock_enabled         = (known after apply)
      + policy                      = (known after apply)
      + region                      = "us-east-1"
      + request_payer               = (known after apply)
      + tags_all                    = {
          + "Environment" = "dev"
          + "ManagedBy"   = "terraform"
          + "Project"     = "static-nginx"
        }
      + website_domain              = (known after apply)
      + website_endpoint            = (known after apply)

      + cors_rule (known after apply)

      + grant (known after apply)

      + lifecycle_rule (known after apply)

      + logging (known after apply)

      + object_lock_configuration (known after apply)

      + replication_configuration (known after apply)

      + server_side_encryption_configuration (known after apply)

      + versioning (known after apply)

      + website (known after apply)
    }

  # aws_s3_bucket.cloudtrail will be created
  + resource "aws_s3_bucket" "cloudtrail" {
      + acceleration_status         = (known after apply)
      + acl                         = (known after apply)
      + arn                         = (known after apply)
      + bucket                      = (known after apply)
      + bucket_domain_name          = (known after apply)
      + bucket_prefix               = "static-nginx-dev-cloudtrail-"
      + bucket_region               = (known after apply)
      + bucket_regional_domain_name = (known after apply)
      + force_destroy               = true
      + hosted_zone_id              = (known after apply)
      + id                          = (known after apply)
      + object_lock_enabled         = (known after apply)
      + policy                      = (known after apply)
      + region                      = "us-east-1"
      + request_payer               = (known after apply)
      + tags_all                    = {
          + "Environment" = "dev"
          + "ManagedBy"   = "terraform"
          + "Project"     = "static-nginx"
        }
      + website_domain              = (known after apply)
      + website_endpoint            = (known after apply)

      + cors_rule (known after apply)

      + grant (known after apply)

      + lifecycle_rule (known after apply)

      + logging (known after apply)

      + object_lock_configuration (known after apply)

      + replication_configuration (known after apply)

      + server_side_encryption_configuration (known after apply)

      + versioning (known after apply)

      + website (known after apply)
    }

  # aws_s3_bucket_policy.cloudtrail will be created
  + resource "aws_s3_bucket_policy" "cloudtrail" {
      + bucket = (known after apply)
      + id     = (known after apply)
      + policy = (known after apply)
      + region = "us-east-1"
    }

  # aws_s3_bucket_public_access_block.artifacts will be created
  + resource "aws_s3_bucket_public_access_block" "artifacts" {
      + block_public_acls       = true
      + block_public_policy     = true
      + bucket                  = (known after apply)
      + id                      = (known after apply)
      + ignore_public_acls      = true
      + region                  = "us-east-1"
      + restrict_public_buckets = true
    }

  # aws_s3_bucket_public_access_block.cloudtrail will be created
  + resource "aws_s3_bucket_public_access_block" "cloudtrail" {
      + block_public_acls       = true
      + block_public_policy     = true
      + bucket                  = (known after apply)
      + id                      = (known after apply)
      + ignore_public_acls      = true
      + region                  = "us-east-1"
      + restrict_public_buckets = true
    }

  # aws_s3_bucket_server_side_encryption_configuration.artifacts will be created
  + resource "aws_s3_bucket_server_side_encryption_configuration" "artifacts" {
      + bucket = (known after apply)
      + id     = (known after apply)
      + region = "us-east-1"

      + rule {
          + blocked_encryption_types = []

          + apply_server_side_encryption_by_default {
              + sse_algorithm     = "AES256"
                # (1 unchanged attribute hidden)
            }
        }
    }

  # aws_s3_bucket_server_side_encryption_configuration.cloudtrail will be created
  + resource "aws_s3_bucket_server_side_encryption_configuration" "cloudtrail" {
      + bucket = (known after apply)
      + id     = (known after apply)
      + region = "us-east-1"

      + rule {
          + blocked_encryption_types = []

          + apply_server_side_encryption_by_default {
              + sse_algorithm     = "AES256"
                # (1 unchanged attribute hidden)
            }
        }
    }

  # aws_s3_bucket_versioning.artifacts will be created
  + resource "aws_s3_bucket_versioning" "artifacts" {
      + bucket = (known after apply)
      + id     = (known after apply)
      + region = "us-east-1"

      + versioning_configuration {
          + mfa_delete = (known after apply)
          + status     = "Enabled"
        }
    }

  # aws_security_group.alb will be created
  + resource "aws_security_group" "alb" {
      + arn                    = (known after apply)
      + description            = "ALB security group"
      + egress                 = [
          + {
              + cidr_blocks      = [
                  + "0.0.0.0/0",
                ]
              + from_port        = 0
              + ipv6_cidr_blocks = []
              + prefix_list_ids  = []
              + protocol         = "-1"
              + security_groups  = []
              + self             = false
              + to_port          = 0
                # (1 unchanged attribute hidden)
            },
        ]
      + id                     = (known after apply)
      + ingress                = [
          + {
              + cidr_blocks      = [
                  + "0.0.0.0/0",
                ]
              + description      = "HTTP"
              + from_port        = 80
              + ipv6_cidr_blocks = []
              + prefix_list_ids  = []
              + protocol         = "tcp"
              + security_groups  = []
              + self             = false
              + to_port          = 80
            },
          + {
              + cidr_blocks      = [
                  + "0.0.0.0/0",
                ]
              + description      = "HTTPS"
              + from_port        = 443
              + ipv6_cidr_blocks = []
              + prefix_list_ids  = []
              + protocol         = "tcp"
              + security_groups  = []
              + self             = false
              + to_port          = 443
            },
        ]
      + name                   = "static-nginx-dev-alb-sg"
      + name_prefix            = (known after apply)
      + owner_id               = (known after apply)
      + region                 = "us-east-1"
      + revoke_rules_on_delete = false
      + tags                   = {
          + "Name" = "static-nginx-dev-alb-sg"
        }
      + tags_all               = {
          + "Environment" = "dev"
          + "ManagedBy"   = "terraform"
          + "Name"        = "static-nginx-dev-alb-sg"
          + "Project"     = "static-nginx"
        }
      + vpc_id                 = (known after apply)
    }

  # aws_security_group.ecs will be created
  + resource "aws_security_group" "ecs" {
      + arn                    = (known after apply)
      + description            = "ECS tasks security group"
      + egress                 = [
          + {
              + cidr_blocks      = [
                  + "0.0.0.0/0",
                ]
              + from_port        = 0
              + ipv6_cidr_blocks = []
              + prefix_list_ids  = []
              + protocol         = "-1"
              + security_groups  = []
              + self             = false
              + to_port          = 0
                # (1 unchanged attribute hidden)
            },
        ]
      + id                     = (known after apply)
      + ingress                = [
          + {
              + cidr_blocks      = []
              + description      = "From ALB"
              + from_port        = 80
              + ipv6_cidr_blocks = []
              + prefix_list_ids  = []
              + protocol         = "tcp"
              + security_groups  = (known after apply)
              + self             = false
              + to_port          = 80
            },
        ]
      + name                   = "static-nginx-dev-ecs-sg"
      + name_prefix            = (known after apply)
      + owner_id               = (known after apply)
      + region                 = "us-east-1"
      + revoke_rules_on_delete = false
      + tags                   = {
          + "Name" = "static-nginx-dev-ecs-sg"
        }
      + tags_all               = {
          + "Environment" = "dev"
          + "ManagedBy"   = "terraform"
          + "Name"        = "static-nginx-dev-ecs-sg"
          + "Project"     = "static-nginx"
        }
      + vpc_id                 = (known after apply)
    }

  # aws_security_group.vpce will be created
  + resource "aws_security_group" "vpce" {
      + arn                    = (known after apply)
      + description            = "Security group for interface VPC endpoints"
      + egress                 = [
          + {
              + cidr_blocks      = [
                  + "0.0.0.0/0",
                ]
              + from_port        = 0
              + ipv6_cidr_blocks = []
              + prefix_list_ids  = []
              + protocol         = "-1"
              + security_groups  = []
              + self             = false
              + to_port          = 0
                # (1 unchanged attribute hidden)
            },
        ]
      + id                     = (known after apply)
      + ingress                = [
          + {
              + cidr_blocks      = [
                  + "10.0.0.0/16",
                ]
              + description      = "HTTPS from within VPC"
              + from_port        = 443
              + ipv6_cidr_blocks = []
              + prefix_list_ids  = []
              + protocol         = "tcp"
              + security_groups  = []
              + self             = false
              + to_port          = 443
            },
        ]
      + name                   = "static-nginx-dev-vpce-sg"
      + name_prefix            = (known after apply)
      + owner_id               = (known after apply)
      + region                 = "us-east-1"
      + revoke_rules_on_delete = false
      + tags                   = {
          + "Name" = "static-nginx-dev-vpce-sg"
        }
      + tags_all               = {
          + "Environment" = "dev"
          + "ManagedBy"   = "terraform"
          + "Name"        = "static-nginx-dev-vpce-sg"
          + "Project"     = "static-nginx"
        }
      + vpc_id                 = (known after apply)
    }

  # aws_subnet.private[0] will be created
  + resource "aws_subnet" "private" {
      + arn                                            = (known after apply)
      + assign_ipv6_address_on_creation                = false
      + availability_zone                              = "us-east-1a"
      + availability_zone_id                           = (known after apply)
      + cidr_block                                     = "10.0.10.0/24"
      + enable_dns64                                   = false
      + enable_resource_name_dns_a_record_on_launch    = false
      + enable_resource_name_dns_aaaa_record_on_launch = false
      + id                                             = (known after apply)
      + ipv6_cidr_block_association_id                 = (known after apply)
      + ipv6_native                                    = false
      + map_public_ip_on_launch                        = false
      + owner_id                                       = (known after apply)
      + private_dns_hostname_type_on_launch            = (known after apply)
      + region                                         = "us-east-1"
      + tags                                           = {
          + "Name" = "static-nginx-dev-private-1"
          + "Tier" = "private"
        }
      + tags_all                                       = {
          + "Environment" = "dev"
          + "ManagedBy"   = "terraform"
          + "Name"        = "static-nginx-dev-private-1"
          + "Project"     = "static-nginx"
          + "Tier"        = "private"
        }
      + vpc_id                                         = (known after apply)
    }

  # aws_subnet.private[1] will be created
  + resource "aws_subnet" "private" {
      + arn                                            = (known after apply)
      + assign_ipv6_address_on_creation                = false
      + availability_zone                              = "us-east-1b"
      + availability_zone_id                           = (known after apply)
      + cidr_block                                     = "10.0.11.0/24"
      + enable_dns64                                   = false
      + enable_resource_name_dns_a_record_on_launch    = false
      + enable_resource_name_dns_aaaa_record_on_launch = false
      + id                                             = (known after apply)
      + ipv6_cidr_block_association_id                 = (known after apply)
      + ipv6_native                                    = false
      + map_public_ip_on_launch                        = false
      + owner_id                                       = (known after apply)
      + private_dns_hostname_type_on_launch            = (known after apply)
      + region                                         = "us-east-1"
      + tags                                           = {
          + "Name" = "static-nginx-dev-private-2"
          + "Tier" = "private"
        }
      + tags_all                                       = {
          + "Environment" = "dev"
          + "ManagedBy"   = "terraform"
          + "Name"        = "static-nginx-dev-private-2"
          + "Project"     = "static-nginx"
          + "Tier"        = "private"
        }
      + vpc_id                                         = (known after apply)
    }

  # aws_subnet.public[0] will be created
  + resource "aws_subnet" "public" {
      + arn                                            = (known after apply)
      + assign_ipv6_address_on_creation                = false
      + availability_zone                              = "us-east-1a"
      + availability_zone_id                           = (known after apply)
      + cidr_block                                     = "10.0.0.0/24"
      + enable_dns64                                   = false
      + enable_resource_name_dns_a_record_on_launch    = false
      + enable_resource_name_dns_aaaa_record_on_launch = false
      + id                                             = (known after apply)
      + ipv6_cidr_block_association_id                 = (known after apply)
      + ipv6_native                                    = false
      + map_public_ip_on_launch                        = true
      + owner_id                                       = (known after apply)
      + private_dns_hostname_type_on_launch            = (known after apply)
      + region                                         = "us-east-1"
      + tags                                           = {
          + "Name" = "static-nginx-dev-public-1"
          + "Tier" = "public"
        }
      + tags_all                                       = {
          + "Environment" = "dev"
          + "ManagedBy"   = "terraform"
          + "Name"        = "static-nginx-dev-public-1"
          + "Project"     = "static-nginx"
          + "Tier"        = "public"
        }
      + vpc_id                                         = (known after apply)
    }

  # aws_subnet.public[1] will be created
  + resource "aws_subnet" "public" {
      + arn                                            = (known after apply)
      + assign_ipv6_address_on_creation                = false
      + availability_zone                              = "us-east-1b"
      + availability_zone_id                           = (known after apply)
      + cidr_block                                     = "10.0.1.0/24"
      + enable_dns64                                   = false
      + enable_resource_name_dns_a_record_on_launch    = false
      + enable_resource_name_dns_aaaa_record_on_launch = false
      + id                                             = (known after apply)
      + ipv6_cidr_block_association_id                 = (known after apply)
      + ipv6_native                                    = false
      + map_public_ip_on_launch                        = true
      + owner_id                                       = (known after apply)
      + private_dns_hostname_type_on_launch            = (known after apply)
      + region                                         = "us-east-1"
      + tags                                           = {
          + "Name" = "static-nginx-dev-public-2"
          + "Tier" = "public"
        }
      + tags_all                                       = {
          + "Environment" = "dev"
          + "ManagedBy"   = "terraform"
          + "Name"        = "static-nginx-dev-public-2"
          + "Project"     = "static-nginx"
          + "Tier"        = "public"
        }
      + vpc_id                                         = (known after apply)
    }

  # aws_vpc.this will be created
  + resource "aws_vpc" "this" {
      + arn                                  = (known after apply)
      + cidr_block                           = "10.0.0.0/16"
      + default_network_acl_id               = (known after apply)
      + default_route_table_id               = (known after apply)
      + default_security_group_id            = (known after apply)
      + dhcp_options_id                      = (known after apply)
      + enable_dns_hostnames                 = true
      + enable_dns_support                   = true
      + enable_network_address_usage_metrics = (known after apply)
      + id                                   = (known after apply)
      + instance_tenancy                     = "default"
      + ipv6_association_id                  = (known after apply)
      + ipv6_cidr_block                      = (known after apply)
      + ipv6_cidr_block_network_border_group = (known after apply)
      + main_route_table_id                  = (known after apply)
      + owner_id                             = (known after apply)
      + region                               = "us-east-1"
      + tags                                 = {
          + "Name" = "static-nginx-dev-vpc"
        }
      + tags_all                             = {
          + "Environment" = "dev"
          + "ManagedBy"   = "terraform"
          + "Name"        = "static-nginx-dev-vpc"
          + "Project"     = "static-nginx"
        }
    }

  # aws_vpc_endpoint.ecr_api will be created
  + resource "aws_vpc_endpoint" "ecr_api" {
      + arn                   = (known after apply)
      + cidr_blocks           = (known after apply)
      + dns_entry             = (known after apply)
      + id                    = (known after apply)
      + ip_address_type       = (known after apply)
      + network_interface_ids = (known after apply)
      + owner_id              = (known after apply)
      + policy                = (known after apply)
      + prefix_list_id        = (known after apply)
      + private_dns_enabled   = true
      + region                = "us-east-1"
      + requester_managed     = (known after apply)
      + route_table_ids       = (known after apply)
      + security_group_ids    = (known after apply)
      + service_name          = "com.amazonaws.us-east-1.ecr.api"
      + service_region        = (known after apply)
      + state                 = (known after apply)
      + subnet_ids            = (known after apply)
      + tags                  = {
          + "Name" = "static-nginx-dev-ecr-api-endpoint"
        }
      + tags_all              = {
          + "Environment" = "dev"
          + "ManagedBy"   = "terraform"
          + "Name"        = "static-nginx-dev-ecr-api-endpoint"
          + "Project"     = "static-nginx"
        }
      + vpc_endpoint_type     = "Interface"
      + vpc_id                = (known after apply)

      + dns_options (known after apply)

      + subnet_configuration (known after apply)
    }

  # aws_vpc_endpoint.ecr_dkr will be created
  + resource "aws_vpc_endpoint" "ecr_dkr" {
      + arn                   = (known after apply)
      + cidr_blocks           = (known after apply)
      + dns_entry             = (known after apply)
      + id                    = (known after apply)
      + ip_address_type       = (known after apply)
      + network_interface_ids = (known after apply)
      + owner_id              = (known after apply)
      + policy                = (known after apply)
      + prefix_list_id        = (known after apply)
      + private_dns_enabled   = true
      + region                = "us-east-1"
      + requester_managed     = (known after apply)
      + route_table_ids       = (known after apply)
      + security_group_ids    = (known after apply)
      + service_name          = "com.amazonaws.us-east-1.ecr.dkr"
      + service_region        = (known after apply)
      + state                 = (known after apply)
      + subnet_ids            = (known after apply)
      + tags                  = {
          + "Name" = "static-nginx-dev-ecr-dkr-endpoint"
        }
      + tags_all              = {
          + "Environment" = "dev"
          + "ManagedBy"   = "terraform"
          + "Name"        = "static-nginx-dev-ecr-dkr-endpoint"
          + "Project"     = "static-nginx"
        }
      + vpc_endpoint_type     = "Interface"
      + vpc_id                = (known after apply)

      + dns_options (known after apply)

      + subnet_configuration (known after apply)
    }

  # aws_vpc_endpoint.logs will be created
  + resource "aws_vpc_endpoint" "logs" {
      + arn                   = (known after apply)
      + cidr_blocks           = (known after apply)
      + dns_entry             = (known after apply)
      + id                    = (known after apply)
      + ip_address_type       = (known after apply)
      + network_interface_ids = (known after apply)
      + owner_id              = (known after apply)
      + policy                = (known after apply)
      + prefix_list_id        = (known after apply)
      + private_dns_enabled   = true
      + region                = "us-east-1"
      + requester_managed     = (known after apply)
      + route_table_ids       = (known after apply)
      + security_group_ids    = (known after apply)
      + service_name          = "com.amazonaws.us-east-1.logs"
      + service_region        = (known after apply)
      + state                 = (known after apply)
      + subnet_ids            = (known after apply)
      + tags                  = {
          + "Name" = "static-nginx-dev-logs-endpoint"
        }
      + tags_all              = {
          + "Environment" = "dev"
          + "ManagedBy"   = "terraform"
          + "Name"        = "static-nginx-dev-logs-endpoint"
          + "Project"     = "static-nginx"
        }
      + vpc_endpoint_type     = "Interface"
      + vpc_id                = (known after apply)

      + dns_options (known after apply)

      + subnet_configuration (known after apply)
    }

  # aws_vpc_endpoint.s3 will be created
  + resource "aws_vpc_endpoint" "s3" {
      + arn                   = (known after apply)
      + cidr_blocks           = (known after apply)
      + dns_entry             = (known after apply)
      + id                    = (known after apply)
      + ip_address_type       = (known after apply)
      + network_interface_ids = (known after apply)
      + owner_id              = (known after apply)
      + policy                = (known after apply)
      + prefix_list_id        = (known after apply)
      + private_dns_enabled   = (known after apply)
      + region                = "us-east-1"
      + requester_managed     = (known after apply)
      + route_table_ids       = (known after apply)
      + security_group_ids    = (known after apply)
      + service_name          = "com.amazonaws.us-east-1.s3"
      + service_region        = (known after apply)
      + state                 = (known after apply)
      + subnet_ids            = (known after apply)
      + tags                  = {
          + "Name" = "static-nginx-dev-s3-endpoint"
        }
      + tags_all              = {
          + "Environment" = "dev"
          + "ManagedBy"   = "terraform"
          + "Name"        = "static-nginx-dev-s3-endpoint"
          + "Project"     = "static-nginx"
        }
      + vpc_endpoint_type     = "Gateway"
      + vpc_id                = (known after apply)

      + dns_options (known after apply)

      + subnet_configuration (known after apply)
    }

Plan: 53 to add, 0 to change, 0 to destroy.

Changes to Outputs:
  + alb_dns_name              = (known after apply)
  + codecommit_clone_url_http = (known after apply)
  + codepipeline_name         = "static-nginx-dev-pipeline"
  + ecr_repository_url        = (known after apply)
