{"format_version":"1.2","terraform_version":"1.13.5","variables":{"ami_type":{"value":"AL2_x86_64"},"az_one":{"value":"us-west-2a"},"az_two":{"value":"us-west-2b"},"capacity_type":{"value":"ON_DEMAND"},"desired_size":{"value":2},"disk_size":{"value":"50"},"dns_hostnames":{"value":"true"},"dns_support":{"value":"true"},"eks_version":{"value":"1.26"},"igw_tags":{"value":{"Environment":"Production","Name":"vpc_igw","Team":"DevOps"}},"instance_types":{"value":["t3.small","t3.medium","t3.large"]},"max_size":{"value":8},"max_unavailable":{"value":"1"},"min_size":{"value":1},"priv_one_cidr":{"value":"10.0.3.0/24"},"priv_two_cidr":{"value":"10.0.4.0/24"},"pub_one_cidr":{"value":"10.0.1.0/24"},"pub_two_cidr":{"value":"10.0.2.0/24"},"public_ip_launch":{"value":"true"},"region":{"value":"us-west-2"},"vpc_cidr":{"value":"10.0.0.0/16"},"vpc_id":{"value":"aws_vpc.eks_vpc.id"},"vpc_tags":{"value":{"Environment":"Production","Name":"main_vpc","Team":"DevOps"}}},"planned_values":{"outputs":{"subnet1_id":{"sensitive":false},"subnet2_id":{"sensitive":false},"subnet3_id":{"sensitive":false},"subnet4_id":{"sensitive":false}},"root_module":{"resources":[{"address":"aws_eip.nat_eip","mode":"managed","type":"aws_eip","name":"nat_eip","provider_name":"registry.terraform.io/hashicorp/aws","schema_version":0,"values":{"address":null,"associate_with_private_ip":null,"customer_owned_ipv4_pool":null,"domain":"vpc","region":"us-west-2","tags":null,"timeouts":null},"sensitive_values":{"tags_all":{}}},{"address":"aws_eks_cluster.pumej_cluster","mode":"managed","type":"aws_eks_cluster","name":"pumej_cluster","provider_name":"registry.terraform.io/hashicorp/aws","schema_version":1,"values":{"bootstrap_self_managed_addons":true,"enabled_cluster_log_types":null,"encryption_config":[],"force_update_version":null,"name":"eks_cluster","outpost_config":[],"region":"us-west-2","remote_network_config":[],"tags":null,"timeouts":null,"version":"1.26","vpc_config":[{"endpoint_private_access":false,"endpoint_public_access":true,"security_group_ids":null}],"zonal_shift_config":[]},"sensitive_values":{"access_config":[],"certificate_authority":[],"compute_config":[],"control_plane_scaling_config":[],"encryption_config":[],"identity":[],"kubernetes_network_config":[],"outpost_config":[],"remote_network_config":[],"storage_config":[],"tags_all":{},"upgrade_policy":[],"vpc_config":[{"public_access_cidrs":[],"subnet_ids":[]}],"zonal_shift_config":[]}},{"address":"aws_eks_node_group.eks_node","mode":"managed","type":"aws_eks_node_group","name":"eks_node","provider_name":"registry.terraform.io/hashicorp/aws","schema_version":0,"values":{"ami_type":"AL2_x86_64","capacity_type":"ON_DEMAND","cluster_name":"eks_cluster","force_update_version":null,"instance_types":["t3.small","t3.medium","t3.large"],"labels":null,"launch_template":[],"node_group_name":"eks_node","region":"us-west-2","remote_access":[],"scaling_config":[{"desired_size":2,"max_size":8,"min_size":1}],"tags":null,"taint":[],"timeouts":null,"update_config":[{"max_unavailable":1,"max_unavailable_percentage":null,"update_strategy":null}]},"sensitive_values":{"instance_types":[false,false,false],"launch_template":[],"node_repair_config":[],"remote_access":[],"resources":[],"scaling_config":[{}],"subnet_ids":[],"tags_all":{},"taint":[],"update_config":[{}]}},{"address":"aws_iam_role.eks_cluster_role","mode":"managed","type":"aws_iam_role","name":"eks_cluster_role","provider_name":"registry.terraform.io/hashicorp/aws","schema_version":0,"values":{"assume_role_policy":"{\"Statement\":[{\"Action\":\"sts:AssumeRole\",\"Effect\":\"Allow\",\"Principal\":{\"Service\":\"eks.amazonaws.com\"}}],\"Version\":\"2012-10-17\"}","description":null,"force_detach_policies":false,"max_session_duration":3600,"name":"eks_cluster_role","path":"/","permissions_boundary":null,"tags":null},"sensitive_values":{"inline_policy":[],"managed_policy_arns":[],"tags_all":{}},"identity_schema_version":0,"identity":{"account_id":null,"name":null}},{"address":"aws_iam_role.eks_worker_node_role","mode":"managed","type":"aws_iam_role","name":"eks_worker_node_role","provider_name":"registry.terraform.io/hashicorp/aws","schema_version":0,"values":{"assume_role_policy":"{\"Statement\":[{\"Action\":\"sts:AssumeRole\",\"Effect\":\"Allow\",\"Principal\":{\"Service\":\"ec2.amazonaws.com\"}}],\"Version\":\"2012-10-17\"}","description":null,"force_detach_policies":false,"max_session_duration":3600,"name":"eks_worker_node_role","path":"/","permissions_boundary":null,"tags":null},"sensitive_values":{"inline_policy":[],"managed_policy_arns":[],"tags_all":{}},"identity_schema_version":0,"identity":{"account_id":null,"name":null}},{"address":"aws_iam_role_policy_attachment.eks_cluster_role_attachment","mode":"managed","type":"aws_iam_role_policy_attachment","name":"eks_cluster_role_attachment","provider_name":"registry.terraform.io/hashicorp/aws","schema_version":0,"values":{"policy_arn":"arn:aws:iam::aws:policy/AmazonEKSClusterPolicy","role":"eks_cluster_role"},"sensitive_values":{},"identity_schema_version":0,"identity":{"account_id":null,"policy_arn":null,"role":null}},{"address":"aws_iam_role_policy_attachment.eks_cni_policy_attachment","mode":"managed","type":"aws_iam_role_policy_attachment","name":"eks_cni_policy_attachment","provider_name":"registry.terraform.io/hashicorp/aws","schema_version":0,"values":{"policy_arn":"arn:aws:iam::aws:policy/AmazonEKS_CNI_Policy","role":"eks_worker_node_role"},"sensitive_values":{},"identity_schema_version":0,"identity":{"account_id":null,"policy_arn":null,"role":null}},{"address":"aws_iam_role_policy_attachment.eks_ec2CR_policy_attachment","mode":"managed","type":"aws_iam_role_policy_attachment","name":"eks_ec2CR_policy_attachment","provider_name":"registry.terraform.io/hashicorp/aws","schema_version":0,"values":{"policy_arn":"arn:aws:iam::aws:policy/AmazonEC2ContainerRegistryReadOnly","role":"eks_worker_node_role"},"sensitive_values":{},"identity_schema_version":0,"identity":{"account_id":null,"policy_arn":null,"role":null}},{"address":"aws_iam_role_policy_attachment.eks_worker_node_policy_attachment","mode":"managed","type":"aws_iam_role_policy_attachment","name":"eks_worker_node_policy_attachment","provider_name":"registry.terraform.io/hashicorp/aws","schema_version":0,"values":{"policy_arn":"arn:aws:iam::aws:policy/AmazonEKSWorkerNodePolicy","role":"eks_worker_node_role"},"sensitive_values":{},"identity_schema_version":0,"identity":{"account_id":null,"policy_arn":null,"role":null}},{"address":"aws_internet_gateway.eks_igw","mode":"managed","type":"aws_internet_gateway","name":"eks_igw","provider_name":"registry.terraform.io/hashicorp/aws","schema_version":0,"values":{"region":"us-west-2","tags":{"Environment":"Production","Name":"vpc_igw","Team":"DevOps"},"tags_all":{"Environment":"Production","Name":"vpc_igw","Team":"DevOps"},"timeouts":null},"sensitive_values":{"tags":{},"tags_all":{}}},{"address":"aws_nat_gateway.eks_nat_gw","mode":"managed","type":"aws_nat_gateway","name":"eks_nat_gw","provider_name":"registry.terraform.io/hashicorp/aws","schema_version":0,"values":{"availability_zone_address":[],"connectivity_type":"public","region":"us-west-2","tags":{"Name":"Natty GW"},"tags_all":{"Name":"Natty GW"},"timeouts":null},"sensitive_values":{"availability_zone_address":[],"regional_nat_gateway_address":[],"secondary_allocation_ids":[],"secondary_private_ip_addresses":[],"tags":{},"tags_all":{}}},{"address":"aws_route.private_subnet_nat_gateway_route","mode":"managed","type":"aws_route","name":"private_subnet_nat_gateway_route","provider_name":"registry.terraform.io/hashicorp/aws","schema_version":0,"values":{"carrier_gateway_id":null,"core_network_arn":null,"destination_cidr_block":"0.0.0.0/0","destination_ipv6_cidr_block":null,"destination_prefix_list_id":null,"egress_only_gateway_id":null,"gateway_id":null,"local_gateway_id":null,"region":"us-west-2","timeouts":null,"transit_gateway_id":null,"vpc_endpoint_id":null,"vpc_peering_connection_id":null},"sensitive_values":{},"identity_schema_version":0,"identity":{"account_id":null,"destination_cidr_block":null,"destination_ipv6_cidr_block":null,"destination_prefix_list_id":null,"region":null,"route_table_id":null}},{"address":"aws_route.public_subnet_internet_gateway_route","mode":"managed","type":"aws_route","name":"public_subnet_internet_gateway_route","provider_name":"registry.terraform.io/hashicorp/aws","schema_version":0,"values":{"carrier_gateway_id":null,"core_network_arn":null,"destination_cidr_block":"0.0.0.0/0","destination_ipv6_cidr_block":null,"destination_prefix_list_id":null,"egress_only_gateway_id":null,"local_gateway_id":null,"nat_gateway_id":null,"region":"us-west-2","timeouts":null,"transit_gateway_id":null,"vpc_endpoint_id":null,"vpc_peering_connection_id":null},"sensitive_values":{},"identity_schema_version":0,"identity":{"account_id":null,"destination_cidr_block":null,"destination_ipv6_cidr_block":null,"destination_prefix_list_id":null,"region":null,"route_table_id":null}},{"address":"aws_route_table.private_subnet_route_table","mode":"managed","type":"aws_route_table","name":"private_subnet_route_table","provider_name":"registry.terraform.io/hashicorp/aws","schema_version":0,"values":{"region":"us-west-2","tags":{"Name":"My VPC Private Subnet Route Table"},"tags_all":{"Name":"My VPC Private Subnet Route Table"},"timeouts":null},"sensitive_values":{"propagating_vgws":[],"route":[],"tags":{},"tags_all":{}},"identity_schema_version":0,"identity":{"account_id":null,"id":null,"region":null}},{"address":"aws_route_table.public_subnet_route_table","mode":"managed","type":"aws_route_table","name":"public_subnet_route_table","provider_name":"registry.terraform.io/hashicorp/aws","schema_version":0,"values":{"region":"us-west-2","tags":{"Name":"Public Subnet Route Table"},"tags_all":{"Name":"Public Subnet Route Table"},"timeouts":null},"sensitive_values":{"propagating_vgws":[],"route":[],"tags":{},"tags_all":{}},"identity_schema_version":0,"identity":{"account_id":null,"id":null,"region":null}},{"address":"aws_route_table_association.private_subnet_route_table_association","mode":"managed","type":"aws_route_table_association","name":"private_subnet_route_table_association","provider_name":"registry.terraform.io/hashicorp/aws","schema_version":0,"values":{"gateway_id":null,"region":"us-west-2","timeouts":null},"sensitive_values":{}},{"address":"aws_route_table_association.private_subnet_route_table_association_2","mode":"managed","type":"aws_route_table_association","name":"private_subnet_route_table_association_2","provider_name":"registry.terraform.io/hashicorp/aws","schema_version":0,"values":{"gateway_id":null,"region":"us-west-2","timeouts":null},"sensitive_values":{}},{"address":"aws_route_table_association.public_subnet_route_table_association","mode":"managed","type":"aws_route_table_association","name":"public_subnet_route_table_association","provider_name":"registry.terraform.io/hashicorp/aws","schema_version":0,"values":{"gateway_id":null,"region":"us-west-2","timeouts":null},"sensitive_values":{}},{"address":"aws_route_table_association.public_subnet_route_table_association_2","mode":"managed","type":"aws_route_table_association","name":"public_subnet_route_table_association_2","provider_name":"registry.terraform.io/hashicorp/aws","schema_version":0,"values":{"gateway_id":null,"region":"us-west-2","timeouts":null},"sensitive_values":{}},{"address":"aws_subnet.priv_one","mode":"managed","type":"aws_subnet","name":"priv_one","provider_name":"registry.terraform.io/hashicorp/aws","schema_version":1,"values":{"assign_ipv6_address_on_creation":false,"availability_zone":"us-west-2a","cidr_block":"10.0.3.0/24","customer_owned_ipv4_pool":null,"enable_dns64":false,"enable_lni_at_device_index":null,"enable_resource_name_dns_a_record_on_launch":false,"enable_resource_name_dns_aaaa_record_on_launch":false,"ipv6_cidr_block":null,"ipv6_native":false,"map_customer_owned_ip_on_launch":null,"map_public_ip_on_launch":false,"outpost_arn":null,"region":"us-west-2","tags":{"Name":"Private Subnet one"},"tags_all":{"Name":"Private Subnet one"},"timeouts":null},"sensitive_values":{"tags":{},"tags_all":{}},"identity_schema_version":0,"identity":{"account_id":null,"id":null,"region":null}},{"address":"aws_subnet.priv_two","mode":"managed","type":"aws_subnet","name":"priv_two","provider_name":"registry.terraform.io/hashicorp/aws","schema_version":1,"values":{"assign_ipv6_address_on_creation":false,"availability_zone":"us-west-2b","cidr_block":"10.0.4.0/24","customer_owned_ipv4_pool":null,"enable_dns64":false,"enable_lni_at_device_index":null,"enable_resource_name_dns_a_record_on_launch":false,"enable_resource_name_dns_aaaa_record_on_launch":false,"ipv6_cidr_block":null,"ipv6_native":false,"map_customer_owned_ip_on_launch":null,"map_public_ip_on_launch":false,"outpost_arn":null,"region":"us-west-2","tags":{"Name":"Private Subnet two"},"tags_all":{"Name":"Private Subnet two"},"timeouts":null},"sensitive_values":{"tags":{},"tags_all":{}},"identity_schema_version":0,"identity":{"account_id":null,"id":null,"region":null}},{"address":"aws_subnet.pub_one","mode":"managed","type":"aws_subnet","name":"pub_one","provider_name":"registry.terraform.io/hashicorp/aws","schema_version":1,"values":{"assign_ipv6_address_on_creation":false,"availability_zone":"us-west-2a","cidr_block":"10.0.1.0/24","customer_owned_ipv4_pool":null,"enable_dns64":false,"enable_lni_at_device_index":null,"enable_resource_name_dns_a_record_on_launch":false,"enable_resource_name_dns_aaaa_record_on_launch":false,"ipv6_cidr_block":null,"ipv6_native":false,"map_customer_owned_ip_on_launch":null,"map_public_ip_on_launch":true,"outpost_arn":null,"region":"us-west-2","tags":{"Name":"Pub Subnet One"},"tags_all":{"Name":"Pub Subnet One"},"timeouts":null},"sensitive_values":{"tags":{},"tags_all":{}},"identity_schema_version":0,"identity":{"account_id":null,"id":null,"region":null}},{"address":"aws_subnet.pub_two","mode":"managed","type":"aws_subnet","name":"pub_two","provider_name":"registry.terraform.io/hashicorp/aws","schema_version":1,"values":{"assign_ipv6_address_on_creation":false,"availability_zone":"us-west-2b","cidr_block":"10.0.2.0/24","customer_owned_ipv4_pool":null,"enable_dns64":false,"enable_lni_at_device_index":null,"enable_resource_name_dns_a_record_on_launch":false,"enable_resource_name_dns_aaaa_record_on_launch":false,"ipv6_cidr_block":null,"ipv6_native":false,"map_customer_owned_ip_on_launch":null,"map_public_ip_on_launch":true,"outpost_arn":null,"region":"us-west-2","tags":{"Name":"Pub Subnet two"},"tags_all":{"Name":"Pub Subnet two"},"timeouts":null},"sensitive_values":{"tags":{},"tags_all":{}},"identity_schema_version":0,"identity":{"account_id":null,"id":null,"region":null}},{"address":"aws_vpc.eks_vpc","mode":"managed","type":"aws_vpc","name":"eks_vpc","provider_name":"registry.terraform.io/hashicorp/aws","schema_version":1,"values":{"assign_generated_ipv6_cidr_block":null,"cidr_block":"10.0.0.0/16","enable_dns_hostnames":true,"enable_dns_support":true,"instance_tenancy":"default","ipv4_ipam_pool_id":null,"ipv4_netmask_length":null,"ipv6_ipam_pool_id":null,"ipv6_netmask_length":null,"region":"us-west-2","tags":{"Environment":"Production","Name":"main_vpc","Team":"DevOps"},"tags_all":{"Environment":"Production","Name":"main_vpc","Team":"DevOps"}},"sensitive_values":{"tags":{},"tags_all":{}},"identity_schema_version":0,"identity":{"account_id":null,"id":null,"region":null}}]}},"resource_changes":[{"address":"aws_eip.nat_eip","mode":"managed","type":"aws_eip","name":"nat_eip","provider_name":"registry.terraform.io/hashicorp/aws","change":{"actions":["create"],"before":null,"after":{"address":null,"associate_with_private_ip":null,"customer_owned_ipv4_pool":null,"domain":"vpc","region":"us-west-2","tags":null,"timeouts":null},"after_unknown":{"allocation_id":true,"arn":true,"association_id":true,"carrier_ip":true,"customer_owned_ip":true,"id":true,"instance":true,"ipam_pool_id":true,"network_border_group":true,"network_interface":true,"private_dns":true,"private_ip":true,"ptr_record":true,"public_dns":true,"public_ip":true,"public_ipv4_pool":true,"tags_all":true},"before_sensitive":false,"after_sensitive":{"tags_all":{}}}},{"address":"aws_eks_cluster.pumej_cluster","mode":"managed","type":"aws_eks_cluster","name":"pumej_cluster","provider_name":"registry.terraform.io/hashicorp/aws","change":{"actions":["create"],"before":null,"after":{"bootstrap_self_managed_addons":true,"enabled_cluster_log_types":null,"encryption_config":[],"force_update_version":null,"name":"eks_cluster","outpost_config":[],"region":"us-west-2","remote_network_config":[],"tags":null,"timeouts":null,"version":"1.26","vpc_config":[{"endpoint_private_access":false,"endpoint_public_access":true,"security_group_ids":null}],"zonal_shift_config":[]},"after_unknown":{"access_config":true,"arn":true,"certificate_authority":true,"cluster_id":true,"compute_config":true,"control_plane_scaling_config":true,"created_at":true,"deletion_protection":true,"encryption_config":[],"endpoint":true,"id":true,"identity":true,"kubernetes_network_config":true,"outpost_config":[],"platform_version":true,"remote_network_config":[],"role_arn":true,"status":true,"storage_config":true,"tags_all":true,"upgrade_policy":true,"vpc_config":[{"cluster_security_group_id":true,"public_access_cidrs":true,"subnet_ids":true,"vpc_id":true}],"zonal_shift_config":[]},"before_sensitive":false,"after_sensitive":{"access_config":[],"certificate_authority":[],"compute_config":[],"control_plane_scaling_config":[],"encryption_config":[],"identity":[],"kubernetes_network_config":[],"outpost_config":[],"remote_network_config":[],"storage_config":[],"tags_all":{},"upgrade_policy":[],"vpc_config":[{"public_access_cidrs":[],"subnet_ids":[]}],"zonal_shift_config":[]}}},{"address":"aws_eks_node_group.eks_node","mode":"managed","type":"aws_eks_node_group","name":"eks_node","provider_name":"registry.terraform.io/hashicorp/aws","change":{"actions":["create"],"before":null,"after":{"ami_type":"AL2_x86_64","capacity_type":"ON_DEMAND","cluster_name":"eks_cluster","force_update_version":null,"instance_types":["t3.small","t3.medium","t3.large"],"labels":null,"launch_template":[],"node_group_name":"eks_node","region":"us-west-2","remote_access":[],"scaling_config":[{"desired_size":2,"max_size":8,"min_size":1}],"tags":null,"taint":[],"timeouts":null,"update_config":[{"max_unavailable":1,"max_unavailable_percentage":null,"update_strategy":null}]},"after_unknown":{"arn":true,"disk_size":true,"id":true,"instance_types":[false,false,false],"launch_template":[],"node_group_name_prefix":true,"node_repair_config":true,"node_role_arn":true,"release_version":true,"remote_access":[],"resources":true,"scaling_config":[{}],"status":true,"subnet_ids":true,"tags_all":true,"taint":[],"update_config":[{}],"version":true},"before_sensitive":false,"after_sensitive":{"instance_types":[false,false,false],"launch_template":[],"node_repair_config":[],"remote_access":[],"resources":[],"scaling_config":[{}],"subnet_ids":[],"tags_all":{},"taint":[],"update_config":[{}]}}},{"address":"aws_iam_role.eks_cluster_role","mode":"managed","type":"aws_iam_role","name":"eks_cluster_role","provider_name":"registry.terraform.io/hashicorp/aws","change":{"actions":["create"],"before":null,"after":{"assume_role_policy":"{\"Statement\":[{\"Action\":\"sts:AssumeRole\",\"Effect\":\"Allow\",\"Principal\":{\"Service\":\"eks.amazonaws.com\"}}],\"Version\":\"2012-10-17\"}","description":null,"force_detach_policies":false,"max_session_duration":3600,"name":"eks_cluster_role","path":"/","permissions_boundary":null,"tags":null},"after_unknown":{"arn":true,"create_date":true,"id":true,"inline_policy":true,"managed_policy_arns":true,"name_prefix":true,"tags_all":true,"unique_id":true},"before_sensitive":false,"after_sensitive":{"inline_policy":[],"managed_policy_arns":[],"tags_all":{}},"after_identity":{"account_id":null,"name":null}}},{"address":"aws_iam_role.eks_worker_node_role","mode":"managed","type":"aws_iam_role","name":"eks_worker_node_role","provider_name":"registry.terraform.io/hashicorp/aws","change":{"actions":["create"],"before":null,"after":{"assume_role_policy":"{\"Statement\":[{\"Action\":\"sts:AssumeRole\",\"Effect\":\"Allow\",\"Principal\":{\"Service\":\"ec2.amazonaws.com\"}}],\"Version\":\"2012-10-17\"}","description":null,"force_detach_policies":false,"max_session_duration":3600,"name":"eks_worker_node_role","path":"/","permissions_boundary":null,"tags":null},"after_unknown":{"arn":true,"create_date":true,"id":true,"inline_policy":true,"managed_policy_arns":true,"name_prefix":true,"tags_all":true,"unique_id":true},"before_sensitive":false,"after_sensitive":{"inline_policy":[],"managed_policy_arns":[],"tags_all":{}},"after_identity":{"account_id":null,"name":null}}},{"address":"aws_iam_role_policy_attachment.eks_cluster_role_attachment","mode":"managed","type":"aws_iam_role_policy_attachment","name":"eks_cluster_role_attachment","provider_name":"registry.terraform.io/hashicorp/aws","change":{"actions":["create"],"before":null,"after":{"policy_arn":"arn:aws:iam::aws:policy/AmazonEKSClusterPolicy","role":"eks_cluster_role"},"after_unknown":{"id":true},"before_sensitive":false,"after_sensitive":{},"after_identity":{"account_id":null,"policy_arn":null,"role":null}}},{"address":"aws_iam_role_policy_attachment.eks_cni_policy_attachment","mode":"managed","type":"aws_iam_role_policy_attachment","name":"eks_cni_policy_attachment","provider_name":"registry.terraform.io/hashicorp/aws","change":{"actions":["create"],"before":null,"after":{"policy_arn":"arn:aws:iam::aws:policy/AmazonEKS_CNI_Policy","role":"eks_worker_node_role"},"after_unknown":{"id":true},"before_sensitive":false,"after_sensitive":{},"after_identity":{"account_id":null,"policy_arn":null,"role":null}}},{"address":"aws_iam_role_policy_attachment.eks_ec2CR_policy_attachment","mode":"managed","type":"aws_iam_role_policy_attachment","name":"eks_ec2CR_policy_attachment","provider_name":"registry.terraform.io/hashicorp/aws","change":{"actions":["create"],"before":null,"after":{"policy_arn":"arn:aws:iam::aws:policy/AmazonEC2ContainerRegistryReadOnly","role":"eks_worker_node_role"},"after_unknown":{"id":true},"before_sensitive":false,"after_sensitive":{},"after_identity":{"account_id":null,"policy_arn":null,"role":null}}},{"address":"aws_iam_role_policy_attachment.eks_worker_node_policy_attachment","mode":"managed","type":"aws_iam_role_policy_attachment","name":"eks_worker_node_policy_attachment","provider_name":"registry.terraform.io/hashicorp/aws","change":{"actions":["create"],"before":null,"after":{"policy_arn":"arn:aws:iam::aws:policy/AmazonEKSWorkerNodePolicy","role":"eks_worker_node_role"},"after_unknown":{"id":true},"before_sensitive":false,"after_sensitive":{},"after_identity":{"account_id":null,"policy_arn":null,"role":null}}},{"address":"aws_internet_gateway.eks_igw","mode":"managed","type":"aws_internet_gateway","name":"eks_igw","provider_name":"registry.terraform.io/hashicorp/aws","change":{"actions":["create"],"before":null,"after":{"region":"us-west-2","tags":{"Environment":"Production","Name":"vpc_igw","Team":"DevOps"},"tags_all":{"Environment":"Production","Name":"vpc_igw","Team":"DevOps"},"timeouts":null},"after_unknown":{"arn":true,"id":true,"owner_id":true,"tags":{},"tags_all":{},"vpc_id":true},"before_sensitive":false,"after_sensitive":{"tags":{},"tags_all":{}}}},{"address":"aws_nat_gateway.eks_nat_gw","mode":"managed","type":"aws_nat_gateway","name":"eks_nat_gw","provider_name":"registry.terraform.io/hashicorp/aws","change":{"actions":["create"],"before":null,"after":{"availability_zone_address":[],"connectivity_type":"public","region":"us-west-2","tags":{"Name":"Natty GW"},"tags_all":{"Name":"Natty GW"},"timeouts":null},"after_unknown":{"allocation_id":true,"association_id":true,"auto_provision_zones":true,"auto_scaling_ips":true,"availability_mode":true,"availability_zone_address":[],"id":true,"network_interface_id":true,"private_ip":true,"public_ip":true,"regional_nat_gateway_address":true,"regional_nat_gateway_auto_mode":true,"route_table_id":true,"secondary_allocation_ids":true,"secondary_private_ip_address_count":true,"secondary_private_ip_addresses":true,"subnet_id":true,"tags":{},"tags_all":{},"vpc_id":true},"before_sensitive":false,"after_sensitive":{"availability_zone_address":[],"regional_nat_gateway_address":[],"secondary_allocation_ids":[],"secondary_private_ip_addresses":[],"tags":{},"tags_all":{}}}},{"address":"aws_route.private_subnet_nat_gateway_route","mode":"managed","type":"aws_route","name":"private_subnet_nat_gateway_route","provider_name":"registry.terraform.io/hashicorp/aws","change":{"actions":["create"],"before":null,"after":{"carrier_gateway_id":null,"core_network_arn":null,"destination_cidr_block":"0.0.0.0/0","destination_ipv6_cidr_block":null,"destination_prefix_list_id":null,"egress_only_gateway_id":null,"gateway_id":null,"local_gateway_id":null,"region":"us-west-2","timeouts":null,"transit_gateway_id":null,"vpc_endpoint_id":null,"vpc_peering_connection_id":null},"after_unknown":{"id":true,"instance_id":true,"instance_owner_id":true,"nat_gateway_id":true,"network_interface_id":true,"origin":true,"route_table_id":true,"state":true},"before_sensitive":false,"after_sensitive":{},"after_identity":{"account_id":null,"destination_cidr_block":null,"destination_ipv6_cidr_block":null,"destination_prefix_list_id":null,"region":null,"route_table_id":null}}},{"address":"aws_route.public_subnet_internet_gateway_route","mode":"managed","type":"aws_route","name":"public_subnet_internet_gateway_route","provider_name":"registry.terraform.io/hashicorp/aws","change":{"actions":["create"],"before":null,"after":{"carrier_gateway_id":null,"core_network_arn":null,"destination_cidr_block":"0.0.0.0/0","destination_ipv6_cidr_block":null,"destination_prefix_list_id":null,"egress_only_gateway_id":null,"local_gateway_id":null,"nat_gateway_id":null,"region":"us-west-2","timeouts":null,"transit_gateway_id":null,"vpc_endpoint_id":null,"vpc_peering_connection_id":null},"after_unknown":{"gateway_id":true,"id":true,"instance_id":true,"instance_owner_id":true,"network_interface_id":true,"origin":true,"route_table_id":true,"state":true},"before_sensitive":false,"after_sensitive":{},"after_identity":{"account_id":null,"destination_cidr_block":null,"destination_ipv6_cidr_block":null,"destination_prefix_list_id":null,"region":null,"route_table_id":null}}},{"address":"aws_route_table.private_subnet_route_table","mode":"managed","type":"aws_route_table","name":"private_subnet_route_table","provider_name":"registry.terraform.io/hashicorp/aws","change":{"actions":["create"],"before":null,"after":{"region":"us-west-2","tags":{"Name":"My VPC Private Subnet Route Table"},"tags_all":{"Name":"My VPC Private Subnet Route Table"},"timeouts":null},"after_unknown":{"arn":true,"id":true,"owner_id":true,"propagating_vgws":true,"route":true,"tags":{},"tags_all":{},"vpc_id":true},"before_sensitive":false,"after_sensitive":{"propagating_vgws":[],"route":[],"tags":{},"tags_all":{}},"after_identity":{"account_id":null,"id":null,"region":null}}},{"address":"aws_route_table.public_subnet_route_table","mode":"managed","type":"aws_route_table","name":"public_subnet_route_table","provider_name":"registry.terraform.io/hashicorp/aws","change":{"actions":["create"],"before":null,"after":{"region":"us-west-2","tags":{"Name":"Public Subnet Route Table"},"tags_all":{"Name":"Public Subnet Route Table"},"timeouts":null},"after_unknown":{"arn":true,"id":true,"owner_id":true,"propagating_vgws":true,"route":true,"tags":{},"tags_all":{},"vpc_id":true},"before_sensitive":false,"after_sensitive":{"propagating_vgws":[],"route":[],"tags":{},"tags_all":{}},"after_identity":{"account_id":null,"id":null,"region":null}}},{"address":"aws_route_table_association.private_subnet_route_table_association","mode":"managed","type":"aws_route_table_association","name":"private_subnet_route_table_association","provider_name":"registry.terraform.io/hashicorp/aws","change":{"actions":["create"],"before":null,"after":{"gateway_id":null,"region":"us-west-2","timeouts":null},"after_unknown":{"id":true,"route_table_id":true,"subnet_id":true},"before_sensitive":false,"after_sensitive":{}}},{"address":"aws_route_table_association.private_subnet_route_table_association_2","mode":"managed","type":"aws_route_table_association","name":"private_subnet_route_table_association_2","provider_name":"registry.terraform.io/hashicorp/aws","change":{"actions":["create"],"before":null,"after":{"gateway_id":null,"region":"us-west-2","timeouts":null},"after_unknown":{"id":true,"route_table_id":true,"subnet_id":true},"before_sensitive":false,"after_sensitive":{}}},{"address":"aws_route_table_association.public_subnet_route_table_association","mode":"managed","type":"aws_route_table_association","name":"public_subnet_route_table_association","provider_name":"registry.terraform.io/hashicorp/aws","change":{"actions":["create"],"before":null,"after":{"gateway_id":null,"region":"us-west-2","timeouts":null},"after_unknown":{"id":true,"route_table_id":true,"subnet_id":true},"before_sensitive":false,"after_sensitive":{}}},{"address":"aws_route_table_association.public_subnet_route_table_association_2","mode":"managed","type":"aws_route_table_association","name":"public_subnet_route_table_association_2","provider_name":"registry.terraform.io/hashicorp/aws","change":{"actions":["create"],"before":null,"after":{"gateway_id":null,"region":"us-west-2","timeouts":null},"after_unknown":{"id":true,"route_table_id":true,"subnet_id":true},"before_sensitive":false,"after_sensitive":{}}},{"address":"aws_subnet.priv_one","mode":"managed","type":"aws_subnet","name":"priv_one","provider_name":"registry.terraform.io/hashicorp/aws","change":{"actions":["create"],"before":null,"after":{"assign_ipv6_address_on_creation":false,"availability_zone":"us-west-2a","cidr_block":"10.0.3.0/24","customer_owned_ipv4_pool":null,"enable_dns64":false,"enable_lni_at_device_index":null,"enable_resource_name_dns_a_record_on_launch":false,"enable_resource_name_dns_aaaa_record_on_launch":false,"ipv6_cidr_block":null,"ipv6_native":false,"map_customer_owned_ip_on_launch":null,"map_public_ip_on_launch":false,"outpost_arn":null,"region":"us-west-2","tags":{"Name":"Private Subnet one"},"tags_all":{"Name":"Private Subnet one"},"timeouts":null},"after_unknown":{"arn":true,"availability_zone_id":true,"id":true,"ipv6_cidr_block_association_id":true,"owner_id":true,"private_dns_hostname_type_on_launch":true,"tags":{},"tags_all":{},"vpc_id":true},"before_sensitive":false,"after_sensitive":{"tags":{},"tags_all":{}},"after_identity":{"account_id":null,"id":null,"region":null}}},{"address":"aws_subnet.priv_two","mode":"managed","type":"aws_subnet","name":"priv_two","provider_name":"registry.terraform.io/hashicorp/aws","change":{"actions":["create"],"before":null,"after":{"assign_ipv6_address_on_creation":false,"availability_zone":"us-west-2b","cidr_block":"10.0.4.0/24","customer_owned_ipv4_pool":null,"enable_dns64":false,"enable_lni_at_device_index":null,"enable_resource_name_dns_a_record_on_launch":false,"enable_resource_name_dns_aaaa_record_on_launch":false,"ipv6_cidr_block":null,"ipv6_native":false,"map_customer_owned_ip_on_launch":null,"map_public_ip_on_launch":false,"outpost_arn":null,"region":"us-west-2","tags":{"Name":"Private Subnet two"},"tags_all":{"Name":"Private Subnet two"},"timeouts":null},"after_unknown":{"arn":true,"availability_zone_id":true,"id":true,"ipv6_cidr_block_association_id":true,"owner_id":true,"private_dns_hostname_type_on_launch":true,"tags":{},"tags_all":{},"vpc_id":true},"before_sensitive":false,"after_sensitive":{"tags":{},"tags_all":{}},"after_identity":{"account_id":null,"id":null,"region":null}}},{"address":"aws_subnet.pub_one","mode":"managed","type":"aws_subnet","name":"pub_one","provider_name":"registry.terraform.io/hashicorp/aws","change":{"actions":["create"],"before":null,"after":{"assign_ipv6_address_on_creation":false,"availability_zone":"us-west-2a","cidr_block":"10.0.1.0/24","customer_owned_ipv4_pool":null,"enable_dns64":false,"enable_lni_at_device_index":null,"enable_resource_name_dns_a_record_on_launch":false,"enable_resource_name_dns_aaaa_record_on_launch":false,"ipv6_cidr_block":null,"ipv6_native":false,"map_customer_owned_ip_on_launch":null,"map_public_ip_on_launch":true,"outpost_arn":null,"region":"us-west-2","tags":{"Name":"Pub Subnet One"},"tags_all":{"Name":"Pub Subnet One"},"timeouts":null},"after_unknown":{"arn":true,"availability_zone_id":true,"id":true,"ipv6_cidr_block_association_id":true,"owner_id":true,"private_dns_hostname_type_on_launch":true,"tags":{},"tags_all":{},"vpc_id":true},"before_sensitive":false,"after_sensitive":{"tags":{},"tags_all":{}},"after_identity":{"account_id":null,"id":null,"region":null}}},{"address":"aws_subnet.pub_two","mode":"managed","type":"aws_subnet","name":"pub_two","provider_name":"registry.terraform.io/hashicorp/aws","change":{"actions":["create"],"before":null,"after":{"assign_ipv6_address_on_creation":false,"availability_zone":"us-west-2b","cidr_block":"10.0.2.0/24","customer_owned_ipv4_pool":null,"enable_dns64":false,"enable_lni_at_device_index":null,"enable_resource_name_dns_a_record_on_launch":false,"enable_resource_name_dns_aaaa_record_on_launch":false,"ipv6_cidr_block":null,"ipv6_native":false,"map_customer_owned_ip_on_launch":null,"map_public_ip_on_launch":true,"outpost_arn":null,"region":"us-west-2","tags":{"Name":"Pub Subnet two"},"tags_all":{"Name":"Pub Subnet two"},"timeouts":null},"after_unknown":{"arn":true,"availability_zone_id":true,"id":true,"ipv6_cidr_block_association_id":true,"owner_id":true,"private_dns_hostname_type_on_launch":true,"tags":{},"tags_all":{},"vpc_id":true},"before_sensitive":false,"after_sensitive":{"tags":{},"tags_all":{}},"after_identity":{"account_id":null,"id":null,"region":null}}},{"address":"aws_vpc.eks_vpc","mode":"managed","type":"aws_vpc","name":"eks_vpc","provider_name":"registry.terraform.io/hashicorp/aws","change":{"actions":["create"],"before":null,"after":{"assign_generated_ipv6_cidr_block":null,"cidr_block":"10.0.0.0/16","enable_dns_hostnames":true,"enable_dns_support":true,"instance_tenancy":"default","ipv4_ipam_pool_id":null,"ipv4_netmask_length":null,"ipv6_ipam_pool_id":null,"ipv6_netmask_length":null,"region":"us-west-2","tags":{"Environment":"Production","Name":"main_vpc","Team":"DevOps"},"tags_all":{"Environment":"Production","Name":"main_vpc","Team":"DevOps"}},"after_unknown":{"arn":true,"default_network_acl_id":true,"default_route_table_id":true,"default_security_group_id":true,"dhcp_options_id":true,"enable_network_address_usage_metrics":true,"id":true,"ipv6_association_id":true,"ipv6_cidr_block":true,"ipv6_cidr_block_network_border_group":true,"main_route_table_id":true,"owner_id":true,"tags":{},"tags_all":{}},"before_sensitive":false,"after_sensitive":{"tags":{},"tags_all":{}},"after_identity":{"account_id":null,"id":null,"region":null}}}],"output_changes":{"subnet1_id":{"actions":["create"],"before":null,"after_unknown":true,"before_sensitive":false,"after_sensitive":false},"subnet2_id":{"actions":["create"],"before":null,"after_unknown":true,"before_sensitive":false,"after_sensitive":false},"subnet3_id":{"actions":["create"],"before":null,"after_unknown":true,"before_sensitive":false,"after_sensitive":false},"subnet4_id":{"actions":["create"],"before":null,"after_unknown":true,"before_sensitive":false,"after_sensitive":false}},"configuration":{"provider_config":{"archive":{"name":"archive","full_name":"registry.terraform.io/hashicorp/archive","version_constraint":"\u003e= 2.0.0"},"aws":{"name":"aws","full_name":"registry.terraform.io/hashicorp/aws","version_constraint":"~\u003e 6.27.0","expressions":{"region":{"references":["var.region"]}}}},"root_module":{"outputs":{"subnet1_id":{"expression":{"references":["aws_subnet.pub_one.id","aws_subnet.pub_one"]}},"subnet2_id":{"expression":{"references":["aws_subnet.pub_two.id","aws_subnet.pub_two"]}},"subnet3_id":{"expression":{"references":["aws_subnet.priv_one.id","aws_subnet.priv_one"]}},"subnet4_id":{"expression":{"references":["aws_subnet.priv_two.id","aws_subnet.priv_two"]}}},"resources":[{"address":"aws_eip.nat_eip","mode":"managed","type":"aws_eip","name":"nat_eip","provider_config_key":"aws","expressions":{"domain":{"constant_value":"vpc"}},"schema_version":0},{"address":"aws_eks_cluster.pumej_cluster","mode":"managed","type":"aws_eks_cluster","name":"pumej_cluster","provider_config_key":"aws","expressions":{"name":{"constant_value":"eks_cluster"},"role_arn":{"references":["aws_iam_role.eks_cluster_role.arn","aws_iam_role.eks_cluster_role"]},"version":{"references":["var.eks_version"]},"vpc_config":[{"subnet_ids":{"references":["aws_subnet.priv_one.id","aws_subnet.priv_one","aws_subnet.priv_two.id","aws_subnet.priv_two","aws_subnet.pub_one.id","aws_subnet.pub_one","aws_subnet.pub_two.id","aws_subnet.pub_two"]}}]},"schema_version":1,"depends_on":["aws_iam_role_policy_attachment.eks_cluster_role_attachment"]},{"address":"aws_eks_node_group.eks_node","mode":"managed","type":"aws_eks_node_group","name":"eks_node","provider_config_key":"aws","expressions":{"ami_type":{"references":["var.ami_type"]},"capacity_type":{"references":["var.capacity_type"]},"cluster_name":{"references":["aws_eks_cluster.pumej_cluster.name","aws_eks_cluster.pumej_cluster"]},"instance_types":{"references":["var.instance_types"]},"node_group_name":{"constant_value":"eks_node"},"node_role_arn":{"references":["aws_iam_role.eks_worker_node_role.arn","aws_iam_role.eks_worker_node_role"]},"scaling_config":[{"desired_size":{"references":["var.desired_size"]},"max_size":{"references":["var.max_size"]},"min_size":{"references":["var.min_size"]}}],"subnet_ids":{"references":["aws_subnet.priv_one.id","aws_subnet.priv_one","aws_subnet.priv_two.id","aws_subnet.priv_two"]},"update_config":[{"max_unavailable":{"constant_value":1}}]},"schema_version":0,"depends_on":["aws_iam_role_policy_attachment.eks_worker_node_policy_attachment","aws_iam_role_policy_attachment.eks_cni_policy_attachment","aws_iam_role_policy_attachment.eks_ec2CR_policy_attachment"]},{"address":"aws_iam_role.eks_cluster_role","mode":"managed","type":"aws_iam_role","name":"eks_cluster_role","provider_config_key":"aws","expressions":{"assume_role_policy":{},"name":{"constant_value":"eks_cluster_role"}},"schema_version":0},{"address":"aws_iam_role.eks_worker_node_role","mode":"managed","type":"aws_iam_role","name":"eks_worker_node_role","provider_config_key":"aws","expressions":{"assume_role_policy":{},"name":{"constant_value":"eks_worker_node_role"}},"schema_version":0},{"address":"aws_iam_role_policy_attachment.eks_cluster_role_attachment","mode":"managed","type":"aws_iam_role_policy_attachment","name":"eks_cluster_role_attachment","provider_config_key":"aws","expressions":{"policy_arn":{"constant_value":"arn:aws:iam::aws:policy/AmazonEKSClusterPolicy"},"role":{"references":["aws_iam_role.eks_cluster_role.name","aws_iam_role.eks_cluster_role"]}},"schema_version":0},{"address":"aws_iam_role_policy_attachment.eks_cni_policy_attachment","mode":"managed","type":"aws_iam_role_policy_attachment","name":"eks_cni_policy_attachment","provider_config_key":"aws","expressions":{"policy_arn":{"constant_value":"arn:aws:iam::aws:policy/AmazonEKS_CNI_Policy"},"role":{"references":["aws_iam_role.eks_worker_node_role.name","aws_iam_role.eks_worker_node_role"]}},"schema_version":0},{"address":"aws_iam_role_policy_attachment.eks_ec2CR_policy_attachment","mode":"managed","type":"aws_iam_role_policy_attachment","name":"eks_ec2CR_policy_attachment","provider_config_key":"aws","expressions":{"policy_arn":{"constant_value":"arn:aws:iam::aws:policy/AmazonEC2ContainerRegistryReadOnly"},"role":{"references":["aws_iam_role.eks_worker_node_role.name","aws_iam_role.eks_worker_node_role"]}},"schema_version":0},{"address":"aws_iam_role_policy_attachment.eks_worker_node_policy_attachment","mode":"managed","type":"aws_iam_role_policy_attachment","name":"eks_worker_node_policy_attachment","provider_config_key":"aws","expressions":{"policy_arn":{"constant_value":"arn:aws:iam::aws:policy/AmazonEKSWorkerNodePolicy"},"role":{"references":["aws_iam_role.eks_worker_node_role.name","aws_iam_role.eks_worker_node_role"]}},"schema_version":0},{"address":"aws_internet_gateway.eks_igw","mode":"managed","type":"aws_internet_gateway","name":"eks_igw","provider_config_key":"aws","expressions":{"tags":{"references":["var.igw_tags"]},"vpc_id":{"references":["aws_vpc.eks_vpc.id","aws_vpc.eks_vpc"]}},"schema_version":0},{"address":"aws_nat_gateway.eks_nat_gw","mode":"managed","type":"aws_nat_gateway","name":"eks_nat_gw","provider_config_key":"aws","expressions":{"allocation_id":{"references":["aws_eip.nat_eip.id","aws_eip.nat_eip"]},"subnet_id":{"references":["aws_subnet.pub_one.id","aws_subnet.pub_one"]},"tags":{"constant_value":{"Name":"Natty GW"}}},"schema_version":0,"depends_on":["aws_internet_gateway.eks_igw"]},{"address":"aws_route.private_subnet_nat_gateway_route","mode":"managed","type":"aws_route","name":"private_subnet_nat_gateway_route","provider_config_key":"aws","expressions":{"destination_cidr_block":{"constant_value":"0.0.0.0/0"},"nat_gateway_id":{"references":["aws_nat_gateway.eks_nat_gw.id","aws_nat_gateway.eks_nat_gw"]},"route_table_id":{"references":["aws_route_table.private_subnet_route_table.id","aws_route_table.private_subnet_route_table"]}},"schema_version":0},{"address":"aws_route.public_subnet_internet_gateway_route","mode":"managed","type":"aws_route","name":"public_subnet_internet_gateway_route","provider_config_key":"aws","expressions":{"destination_cidr_block":{"constant_value":"0.0.0.0/0"},"gateway_id":{"references":["aws_internet_gateway.eks_igw.id","aws_internet_gateway.eks_igw"]},"route_table_id":{"references":["aws_route_table.public_subnet_route_table.id","aws_route_table.public_subnet_route_table"]}},"schema_version":0},{"address":"aws_route_table.private_subnet_route_table","mode":"managed","type":"aws_route_table","name":"private_subnet_route_table","provider_config_key":"aws","expressions":{"tags":{"constant_value":{"Name":"My VPC Private Subnet Route Table"}},"vpc_id":{"references":["aws_vpc.eks_vpc.id","aws_vpc.eks_vpc"]}},"schema_version":0},{"address":"aws_route_table.public_subnet_route_table","mode":"managed","type":"aws_route_table","name":"public_subnet_route_table","provider_config_key":"aws","expressions":{"tags":{"constant_value":{"Name":"Public Subnet Route Table"}},"vpc_id":{"references":["aws_vpc.eks_vpc.id","aws_vpc.eks_vpc"]}},"schema_version":0},{"address":"aws_route_table_association.private_subnet_route_table_association","mode":"managed","type":"aws_route_table_association","name":"private_subnet_route_table_association","provider_config_key":"aws","expressions":{"route_table_id":{"references":["aws_route_table.private_subnet_route_table.id","aws_route_table.private_subnet_route_table"]},"subnet_id":{"references":["aws_subnet.priv_one.id","aws_subnet.priv_one"]}},"schema_version":0},{"address":"aws_route_table_association.private_subnet_route_table_association_2","mode":"managed","type":"aws_route_table_association","name":"private_subnet_route_table_association_2","provider_config_key":"aws","expressions":{"route_table_id":{"references":["aws_route_table.private_subnet_route_table.id","aws_route_table.private_subnet_route_table"]},"subnet_id":{"references":["aws_subnet.priv_two.id","aws_subnet.priv_two"]}},"schema_version":0},{"address":"aws_route_table_association.public_subnet_route_table_association","mode":"managed","type":"aws_route_table_association","name":"public_subnet_route_table_association","provider_config_key":"aws","expressions":{"route_table_id":{"references":["aws_route_table.public_subnet_route_table.id","aws_route_table.public_subnet_route_table"]},"subnet_id":{"references":["aws_subnet.pub_one.id","aws_subnet.pub_one"]}},"schema_version":0},{"address":"aws_route_table_association.public_subnet_route_table_association_2","mode":"managed","type":"aws_route_table_association","name":"public_subnet_route_table_association_2","provider_config_key":"aws","expressions":{"route_table_id":{"references":["aws_route_table.public_subnet_route_table.id","aws_route_table.public_subnet_route_table"]},"subnet_id":{"references":["aws_subnet.pub_two.id","aws_subnet.pub_two"]}},"schema_version":0},{"address":"aws_subnet.priv_one","mode":"managed","type":"aws_subnet","name":"priv_one","provider_config_key":"aws","expressions":{"availability_zone":{"references":["var.az_one"]},"cidr_block":{"references":["var.priv_one_cidr"]},"tags":{"constant_value":{"Name":"Private Subnet one"}},"vpc_id":{"references":["aws_vpc.eks_vpc.id","aws_vpc.eks_vpc"]}},"schema_version":1},{"address":"aws_subnet.priv_two","mode":"managed","type":"aws_subnet","name":"priv_two","provider_config_key":"aws","expressions":{"availability_zone":{"references":["var.az_two"]},"cidr_block":{"references":["var.priv_two_cidr"]},"tags":{"constant_value":{"Name":"Private Subnet two"}},"vpc_id":{"references":["aws_vpc.eks_vpc.id","aws_vpc.eks_vpc"]}},"schema_version":1},{"address":"aws_subnet.pub_one","mode":"managed","type":"aws_subnet","name":"pub_one","provider_config_key":"aws","expressions":{"availability_zone":{"references":["var.az_one"]},"cidr_block":{"references":["var.pub_one_cidr"]},"map_public_ip_on_launch":{"references":["var.public_ip_launch"]},"tags":{"constant_value":{"Name":"Pub Subnet One"}},"vpc_id":{"references":["aws_vpc.eks_vpc.id","aws_vpc.eks_vpc"]}},"schema_version":1},{"address":"aws_subnet.pub_two","mode":"managed","type":"aws_subnet","name":"pub_two","provider_config_key":"aws","expressions":{"availability_zone":{"references":["var.az_two"]},"cidr_block":{"references":["var.pub_two_cidr"]},"map_public_ip_on_launch":{"references":["var.public_ip_launch"]},"tags":{"constant_value":{"Name":"Pub Subnet two"}},"vpc_id":{"references":["aws_vpc.eks_vpc.id","aws_vpc.eks_vpc"]}},"schema_version":1},{"address":"aws_vpc.eks_vpc","mode":"managed","type":"aws_vpc","name":"eks_vpc","provider_config_key":"aws","expressions":{"cidr_block":{"references":["var.vpc_cidr"]},"enable_dns_hostnames":{"references":["var.dns_hostnames"]},"enable_dns_support":{"references":["var.dns_support"]},"tags":{"references":["var.vpc_tags"]}},"schema_version":1}],"variables":{"ami_type":{"description":"AMI type for your worker nodes"},"az_one":{"description":"az for my first public or private subnet"},"az_two":{"description":"az for my second public or private subnet"},"capacity_type":{"description":"a variable for your worker nodes capacity type"},"desired_size":{"default":2,"description":"The desired number of worker nodes."},"disk_size":{"default":"50","description":"Disk size for your Worker Nodes"},"dns_hostnames":{"description":"This is a variable for my vpc hostnames"},"dns_support":{"description":"This is a variable for your dns support"},"eks_version":{"description":"EKS Version"},"igw_tags":{"default":{"Environment":"Production","Name":"vpc_igw","Team":"DevOps"}},"instance_types":{"default":["t3.small","t3.medium","t3.large"]},"max_size":{"default":8,"description":"The maximum number of worker nodes."},"max_unavailable":{"default":"1","description":"max unavailable nodes for your worker nodes"},"min_size":{"default":1,"description":"The minimum number of worker nodes."},"priv_one_cidr":{"description":"cidr for first private subnet"},"priv_two_cidr":{"description":"cidr for second private subnet"},"pub_one_cidr":{"description":"cidr for first public subnet"},"pub_two_cidr":{"description":"cidr for second public subnet"},"public_ip_launch":{"default":"true"},"region":{"description":"This is the Provider's Region"},"vpc_cidr":{"description":"Variable for your vpc cidr block"},"vpc_id":{},"vpc_tags":{"default":{"Environment":"Production","Name":"main_vpc","Team":"DevOps"},"description":"This is the variable for my vpc tags"}}}},"relevant_attributes":[{"resource":"aws_iam_role.eks_worker_node_role","attribute":["arn"]},{"resource":"aws_iam_role.eks_worker_node_role","attribute":["name"]},{"resource":"aws_nat_gateway.eks_nat_gw","attribute":["id"]},{"resource":"aws_route_table.private_subnet_route_table","attribute":["id"]},{"resource":"aws_route_table.public_subnet_route_table","attribute":["id"]},{"resource":"aws_vpc.eks_vpc","attribute":["id"]},{"resource":"aws_eks_cluster.pumej_cluster","attribute":["name"]},{"resource":"aws_iam_role.eks_cluster_role","attribute":["arn"]},{"resource":"aws_internet_gateway.eks_igw","attribute":["id"]},{"resource":"aws_subnet.pub_two","attribute":["id"]},{"resource":"aws_eip.nat_eip","attribute":["id"]},{"resource":"aws_subnet.priv_one","attribute":["id"]},{"resource":"aws_subnet.priv_two","attribute":["id"]},{"resource":"aws_iam_role.eks_cluster_role","attribute":["name"]},{"resource":"aws_subnet.pub_one","attribute":["id"]}],"timestamp":"2026-01-27T05:33:21Z","applyable":true,"complete":true,"errored":false}
