data.aws_availability_zones.available: Reading...
data.aws_availability_zones.available: Read complete after 0s [id=us-east-1]

Terraform used the selected providers to generate the following execution
plan. Resource actions are indicated with the following symbols:
  + create

Terraform will perform the following actions:

  # aws_cloudwatch_log_group.ecs will be created
  + resource "aws_cloudwatch_log_group" "ecs" {
      + arn                         = (known after apply)
      + deletion_protection_enabled = (known after apply)
      + id                          = (known after apply)
      + log_group_class             = (known after apply)
      + name                        = "/ecs/atlas-migration"
      + name_prefix                 = (known after apply)
      + region                      = "us-east-1"
      + retention_in_days           = 7
      + skip_destroy                = false
      + tags_all                    = (known after apply)
    }

  # aws_db_instance.main will be created
  + resource "aws_db_instance" "main" {
      + address                               = (known after apply)
      + allocated_storage                     = 20
      + apply_immediately                     = false
      + arn                                   = (known after apply)
      + auto_minor_version_upgrade            = true
      + availability_zone                     = (known after apply)
      + backup_retention_period               = (known after apply)
      + backup_target                         = (known after apply)
      + backup_window                         = (known after apply)
      + ca_cert_identifier                    = (known after apply)
      + character_set_name                    = (known after apply)
      + copy_tags_to_snapshot                 = false
      + database_insights_mode                = (known after apply)
      + db_name                               = "atlasdb"
      + db_subnet_group_name                  = "atlas-db-subnet-group"
      + dedicated_log_volume                  = false
      + delete_automated_backups              = true
      + deletion_protection                   = false
      + domain_fqdn                           = (known after apply)
      + endpoint                              = (known after apply)
      + engine                                = "mysql"
      + engine_lifecycle_support              = (known after apply)
      + engine_version                        = "8.0"
      + engine_version_actual                 = (known after apply)
      + hosted_zone_id                        = (known after apply)
      + id                                    = (known after apply)
      + identifier                            = "atlas-mysql-db"
      + identifier_prefix                     = (known after apply)
      + instance_class                        = "db.t3.micro"
      + iops                                  = (known after apply)
      + kms_key_id                            = (known after apply)
      + latest_restorable_time                = (known after apply)
      + license_model                         = (known after apply)
      + listener_endpoint                     = (known after apply)
      + maintenance_window                    = (known after apply)
      + master_user_secret                    = (known after apply)
      + master_user_secret_kms_key_id         = (known after apply)
      + monitoring_interval                   = 0
      + monitoring_role_arn                   = (known after apply)
      + multi_az                              = false
      + nchar_character_set_name              = (known after apply)
      + network_type                          = (known after apply)
      + option_group_name                     = (known after apply)
      + parameter_group_name                  = (known after apply)
      + password                              = (sensitive value)
      + password_wo                           = (write-only attribute)
      + performance_insights_enabled          = false
      + performance_insights_kms_key_id       = (known after apply)
      + performance_insights_retention_period = (known after apply)
      + port                                  = (known after apply)
      + publicly_accessible                   = false
      + region                                = "us-east-1"
      + replica_mode                          = (known after apply)
      + replicas                              = (known after apply)
      + resource_id                           = (known after apply)
      + skip_final_snapshot                   = true
      + snapshot_identifier                   = (known after apply)
      + status                                = (known after apply)
      + storage_throughput                    = (known after apply)
      + storage_type                          = (known after apply)
      + tags                                  = {
          + "Name" = "atlas-mysql-db"
        }
      + tags_all                              = {
          + "Name" = "atlas-mysql-db"
        }
      + timezone                              = (known after apply)
      + upgrade_rollout_order                 = (known after apply)
      + username                              = "atlasadmin"
      + vpc_security_group_ids                = (known after apply)
    }

  # aws_db_subnet_group.main will be created
  + resource "aws_db_subnet_group" "main" {
      + arn                     = (known after apply)
      + description             = "Managed by Terraform"
      + id                      = (known after apply)
      + name                    = "atlas-db-subnet-group"
      + name_prefix             = (known after apply)
      + region                  = "us-east-1"
      + subnet_ids              = (known after apply)
      + supported_network_types = (known after apply)
      + tags                    = {
          + "Name" = "atlas-db-subnet-group"
        }
      + tags_all                = {
          + "Name" = "atlas-db-subnet-group"
        }
      + vpc_id                  = (known after apply)
    }

  # aws_ecr_repository.atlas_migration will be created
  + resource "aws_ecr_repository" "atlas_migration" {
      + arn                  = (known after apply)
      + id                   = (known after apply)
      + image_tag_mutability = "MUTABLE"
      + name                 = "atlas-migration"
      + region               = "us-east-1"
      + registry_id          = (known after apply)
      + repository_url       = (known after apply)
      + tags                 = {
          + "Name" = "atlas-migration"
        }
      + tags_all             = {
          + "Name" = "atlas-migration"
        }
    }

  # aws_ecs_cluster.main will be created
  + resource "aws_ecs_cluster" "main" {
      + arn      = (known after apply)
      + id       = (known after apply)
      + name     = "atlas-ecs-cluster"
      + region   = "us-east-1"
      + tags_all = (known after apply)

      + setting (known after apply)
    }

  # aws_ecs_service.atlas_migration will be created
  + resource "aws_ecs_service" "atlas_migration" {
      + arn                                = (known after apply)
      + availability_zone_rebalancing      = (known after apply)
      + cluster                            = (known after apply)
      + deployment_maximum_percent         = 200
      + deployment_minimum_healthy_percent = 100
      + desired_count                      = 0
      + enable_ecs_managed_tags            = false
      + enable_execute_command             = false
      + iam_role                           = (known after apply)
      + id                                 = (known after apply)
      + launch_type                        = "FARGATE"
      + name                               = "atlas-migration-service"
      + platform_version                   = (known after apply)
      + region                             = "us-east-1"
      + scheduling_strategy                = "REPLICA"
      + tags_all                           = (known after apply)
      + task_definition                    = (known after apply)
      + triggers                           = (known after apply)
      + wait_for_steady_state              = false

      + deployment_configuration (known after apply)

      + network_configuration {
          + assign_public_ip = false
          + security_groups  = (known after apply)
          + subnets          = (known after apply)
        }
    }

  # aws_ecs_task_definition.atlas_migration will be created
  + resource "aws_ecs_task_definition" "atlas_migration" {
      + arn                      = (known after apply)
      + arn_without_revision     = (known after apply)
      + container_definitions    = (known after apply)
      + cpu                      = "256"
      + enable_fault_injection   = (known after apply)
      + execution_role_arn       = (known after apply)
      + family                   = "atlas-migration"
      + id                       = (known after apply)
      + memory                   = "512"
      + network_mode             = "awsvpc"
      + region                   = "us-east-1"
      + requires_compatibilities = [
          + "FARGATE",
        ]
      + revision                 = (known after apply)
      + skip_destroy             = false
      + tags                     = {
          + "Name" = "atlas-migration"
        }
      + tags_all                 = {
          + "Name" = "atlas-migration"
        }
      + task_role_arn            = (known after apply)
      + track_latest             = false
    }

  # aws_eip.nat will be created
  + resource "aws_eip" "nat" {
      + allocation_id        = (known after apply)
      + arn                  = (known after apply)
      + association_id       = (known after apply)
      + carrier_ip           = (known after apply)
      + customer_owned_ip    = (known after apply)
      + domain               = (known after apply)
      + id                   = (known after apply)
      + instance             = (known after apply)
      + ipam_pool_id         = (known after apply)
      + network_border_group = (known after apply)
      + network_interface    = (known after apply)
      + private_dns          = (known after apply)
      + private_ip           = (known after apply)
      + ptr_record           = (known after apply)
      + public_dns           = (known after apply)
      + public_ip            = (known after apply)
      + public_ipv4_pool     = (known after apply)
      + region               = "us-east-1"
      + tags_all             = (known after apply)
    }

  # aws_iam_policy.secrets_access will be created
  + resource "aws_iam_policy" "secrets_access" {
      + arn              = (known after apply)
      + attachment_count = (known after apply)
      + description      = "Allow ECS tasks to access Secrets Manager for DB credentials"
      + id               = (known after apply)
      + name             = "atlas-ecs-secrets-access"
      + name_prefix      = (known after apply)
      + path             = "/"
      + policy           = (known after apply)
      + policy_id        = (known after apply)
      + tags_all         = (known after apply)
    }

  # aws_iam_role.ecs_task_execution will be created
  + resource "aws_iam_role" "ecs_task_execution" {
      + arn                   = (known after apply)
      + assume_role_policy    = jsonencode(
            {
              + Statement = [
                  + {
                      + Action    = "sts:AssumeRole"
                      + Effect    = "Allow"
                      + Principal = {
                          + Service = "ecs-tasks.amazonaws.com"
                        }
                    },
                ]
              + Version   = "2012-10-17"
            }
        )
      + create_date           = (known after apply)
      + force_detach_policies = false
      + id                    = (known after apply)
      + managed_policy_arns   = (known after apply)
      + max_session_duration  = 3600
      + name                  = "atlas-ecs-task-execution-role"
      + name_prefix           = (known after apply)
      + path                  = "/"
      + tags_all              = (known after apply)
      + unique_id             = (known after apply)

      + inline_policy (known after apply)
    }

  # aws_iam_role_policy_attachment.ecs_secrets_access will be created
  + resource "aws_iam_role_policy_attachment" "ecs_secrets_access" {
      + id         = (known after apply)
      + policy_arn = (known after apply)
      + role       = "atlas-ecs-task-execution-role"
    }

  # aws_iam_role_policy_attachment.ecs_task_execution_policy will be created
  + resource "aws_iam_role_policy_attachment" "ecs_task_execution_policy" {
      + id         = (known after apply)
      + policy_arn = "arn:aws:iam::aws:policy/service-role/AmazonECSTaskExecutionRolePolicy"
      + role       = "atlas-ecs-task-execution-role"
    }

  # aws_internet_gateway.main will be created
  + resource "aws_internet_gateway" "main" {
      + arn      = (known after apply)
      + id       = (known after apply)
      + owner_id = (known after apply)
      + region   = "us-east-1"
      + tags     = {
          + "Name" = "atlas-igw"
        }
      + tags_all = {
          + "Name" = "atlas-igw"
        }
      + vpc_id   = (known after apply)
    }

  # aws_nat_gateway.main will be created
  + resource "aws_nat_gateway" "main" {
      + allocation_id                      = (known after apply)
      + association_id                     = (known after apply)
      + auto_provision_zones               = (known after apply)
      + auto_scaling_ips                   = (known after apply)
      + availability_mode                  = (known after apply)
      + connectivity_type                  = "public"
      + id                                 = (known after apply)
      + network_interface_id               = (known after apply)
      + private_ip                         = (known after apply)
      + public_ip                          = (known after apply)
      + region                             = "us-east-1"
      + regional_nat_gateway_address       = (known after apply)
      + regional_nat_gateway_auto_mode     = (known after apply)
      + route_table_id                     = (known after apply)
      + secondary_allocation_ids           = (known after apply)
      + secondary_private_ip_address_count = (known after apply)
      + secondary_private_ip_addresses     = (known after apply)
      + subnet_id                          = (known after apply)
      + tags                               = {
          + "Name" = "atlas-nat-gw"
        }
      + tags_all                           = {
          + "Name" = "atlas-nat-gw"
        }
      + vpc_id                             = (known after apply)
    }

  # aws_route.private_nat_gateway will be created
  + resource "aws_route" "private_nat_gateway" {
      + destination_cidr_block = "0.0.0.0/0"
      + id                     = (known after apply)
      + instance_id            = (known after apply)
      + instance_owner_id      = (known after apply)
      + nat_gateway_id         = (known after apply)
      + network_interface_id   = (known after apply)
      + origin                 = (known after apply)
      + region                 = "us-east-1"
      + route_table_id         = (known after apply)
      + state                  = (known after apply)
    }

  # aws_route.public_internet_access will be created
  + resource "aws_route" "public_internet_access" {
      + destination_cidr_block = "0.0.0.0/0"
      + gateway_id             = (known after apply)
      + id                     = (known after apply)
      + instance_id            = (known after apply)
      + instance_owner_id      = (known after apply)
      + network_interface_id   = (known after apply)
      + origin                 = (known after apply)
      + region                 = "us-east-1"
      + route_table_id         = (known after apply)
      + state                  = (known after apply)
    }

  # aws_route_table.private will be created
  + resource "aws_route_table" "private" {
      + arn              = (known after apply)
      + id               = (known after apply)
      + owner_id         = (known after apply)
      + propagating_vgws = (known after apply)
      + region           = "us-east-1"
      + route            = (known after apply)
      + tags             = {
          + "Name" = "atlas-private-rt"
        }
      + tags_all         = {
          + "Name" = "atlas-private-rt"
        }
      + vpc_id           = (known after apply)
    }

  # aws_route_table.public will be created
  + resource "aws_route_table" "public" {
      + arn              = (known after apply)
      + id               = (known after apply)
      + owner_id         = (known after apply)
      + propagating_vgws = (known after apply)
      + region           = "us-east-1"
      + route            = (known after apply)
      + tags             = {
          + "Name" = "atlas-public-rt"
        }
      + tags_all         = {
          + "Name" = "atlas-public-rt"
        }
      + vpc_id           = (known after apply)
    }

  # aws_route_table_association.private[0] will be created
  + resource "aws_route_table_association" "private" {
      + id             = (known after apply)
      + region         = "us-east-1"
      + route_table_id = (known after apply)
      + subnet_id      = (known after apply)
    }

  # aws_route_table_association.public[0] will be created
  + resource "aws_route_table_association" "public" {
      + id             = (known after apply)
      + region         = "us-east-1"
      + route_table_id = (known after apply)
      + subnet_id      = (known after apply)
    }

  # aws_secretsmanager_secret.db will be created
  + resource "aws_secretsmanager_secret" "db" {
      + arn                            = (known after apply)
      + force_overwrite_replica_secret = false
      + id                             = (known after apply)
      + name                           = "atlas-db-credentials"
      + name_prefix                    = (known after apply)
      + policy                         = (known after apply)
      + recovery_window_in_days        = 30
      + region                         = "us-east-1"
      + tags_all                       = (known after apply)

      + replica (known after apply)
    }

  # aws_secretsmanager_secret_version.db will be created
  + resource "aws_secretsmanager_secret_version" "db" {
      + arn                  = (known after apply)
      + has_secret_string_wo = (known after apply)
      + id                   = (known after apply)
      + region               = "us-east-1"
      + secret_id            = (known after apply)
      + secret_string        = (sensitive value)
      + secret_string_wo     = (write-only attribute)
      + version_id           = (known after apply)
      + version_stages       = (known after apply)
    }

  # aws_security_group.ecs will be created
  + resource "aws_security_group" "ecs" {
      + arn                    = (known after apply)
      + description            = "Allow ECS tasks to access RDS and internet"
      + egress                 = [
          + {
              + cidr_blocks      = [
                  + "0.0.0.0/0",
                ]
              + from_port        = 0
              + ipv6_cidr_blocks = []
              + prefix_list_ids  = []
              + protocol         = "-1"
              + security_groups  = []
              + self             = false
              + to_port          = 0
                # (1 unchanged attribute hidden)
            },
        ]
      + id                     = (known after apply)
      + ingress                = (known after apply)
      + name                   = "atlas-ecs-sg"
      + name_prefix            = (known after apply)
      + owner_id               = (known after apply)
      + region                 = "us-east-1"
      + revoke_rules_on_delete = false
      + tags                   = {
          + "Name" = "atlas-ecs-sg"
        }
      + tags_all               = {
          + "Name" = "atlas-ecs-sg"
        }
      + vpc_id                 = (known after apply)
    }

  # aws_security_group.rds will be created
  + resource "aws_security_group" "rds" {
      + arn                    = (known after apply)
      + description            = "Allow MySQL access from ECS tasks"
      + egress                 = [
          + {
              + cidr_blocks      = [
                  + "0.0.0.0/0",
                ]
              + from_port        = 0
              + ipv6_cidr_blocks = []
              + prefix_list_ids  = []
              + protocol         = "-1"
              + security_groups  = []
              + self             = false
              + to_port          = 0
                # (1 unchanged attribute hidden)
            },
        ]
      + id                     = (known after apply)
      + ingress                = [
          + {
              + cidr_blocks      = []
              + description      = "Allow MySQL from ECS"
              + from_port        = 3306
              + ipv6_cidr_blocks = []
              + prefix_list_ids  = []
              + protocol         = "tcp"
              + security_groups  = (known after apply)
              + self             = false
              + to_port          = 3306
            },
        ]
      + name                   = "atlas-rds-sg"
      + name_prefix            = (known after apply)
      + owner_id               = (known after apply)
      + region                 = "us-east-1"
      + revoke_rules_on_delete = false
      + tags                   = {
          + "Name" = "atlas-rds-sg"
        }
      + tags_all               = {
          + "Name" = "atlas-rds-sg"
        }
      + vpc_id                 = (known after apply)
    }

  # aws_subnet.private[0] will be created
  + resource "aws_subnet" "private" {
      + arn                                            = (known after apply)
      + assign_ipv6_address_on_creation                = false
      + availability_zone                              = "us-east-1a"
      + availability_zone_id                           = (known after apply)
      + cidr_block                                     = "10.0.2.0/24"
      + enable_dns64                                   = false
      + enable_resource_name_dns_a_record_on_launch    = false
      + enable_resource_name_dns_aaaa_record_on_launch = false
      + id                                             = (known after apply)
      + ipv6_cidr_block_association_id                 = (known after apply)
      + ipv6_native                                    = false
      + map_public_ip_on_launch                        = false
      + owner_id                                       = (known after apply)
      + private_dns_hostname_type_on_launch            = (known after apply)
      + region                                         = "us-east-1"
      + tags                                           = {
          + "Name" = "atlas-private-subnet-1"
        }
      + tags_all                                       = {
          + "Name" = "atlas-private-subnet-1"
        }
      + vpc_id                                         = (known after apply)
    }

  # aws_subnet.public[0] will be created
  + resource "aws_subnet" "public" {
      + arn                                            = (known after apply)
      + assign_ipv6_address_on_creation                = false
      + availability_zone                              = "us-east-1a"
      + availability_zone_id                           = (known after apply)
      + cidr_block                                     = "10.0.1.0/24"
      + enable_dns64                                   = false
      + enable_resource_name_dns_a_record_on_launch    = false
      + enable_resource_name_dns_aaaa_record_on_launch = false
      + id                                             = (known after apply)
      + ipv6_cidr_block_association_id                 = (known after apply)
      + ipv6_native                                    = false
      + map_public_ip_on_launch                        = true
      + owner_id                                       = (known after apply)
      + private_dns_hostname_type_on_launch            = (known after apply)
      + region                                         = "us-east-1"
      + tags                                           = {
          + "Name" = "atlas-public-subnet-1"
        }
      + tags_all                                       = {
          + "Name" = "atlas-public-subnet-1"
        }
      + vpc_id                                         = (known after apply)
    }

  # aws_vpc.main will be created
  + resource "aws_vpc" "main" {
      + arn                                  = (known after apply)
      + cidr_block                           = "10.0.0.0/16"
      + default_network_acl_id               = (known after apply)
      + default_route_table_id               = (known after apply)
      + default_security_group_id            = (known after apply)
      + dhcp_options_id                      = (known after apply)
      + enable_dns_hostnames                 = true
      + enable_dns_support                   = true
      + enable_network_address_usage_metrics = (known after apply)
      + id                                   = (known after apply)
      + instance_tenancy                     = "default"
      + ipv6_association_id                  = (known after apply)
      + ipv6_cidr_block                      = (known after apply)
      + ipv6_cidr_block_network_border_group = (known after apply)
      + main_route_table_id                  = (known after apply)
      + owner_id                             = (known after apply)
      + region                               = "us-east-1"
      + tags                                 = {
          + "Name" = "atlas-vpc"
        }
      + tags_all                             = {
          + "Name" = "atlas-vpc"
        }
    }

  # random_password.db will be created
  + resource "random_password" "db" {
      + bcrypt_hash = (sensitive value)
      + id          = (known after apply)
      + length      = 16
      + lower       = true
      + min_lower   = 0
      + min_numeric = 0
      + min_special = 0
      + min_upper   = 0
      + number      = true
      + numeric     = true
      + result      = (sensitive value)
      + special     = true
      + upper       = true
    }

Plan: 28 to add, 0 to change, 0 to destroy.

Changes to Outputs:
  + ecr_repository_url = (known after apply)
  + ecs_cluster_name   = "atlas-ecs-cluster"
  + private_subnet_ids = [
      + (known after apply),
    ]
  + public_subnet_ids  = [
      + (known after apply),
    ]
  + rds_endpoint       = (known after apply)
  + rds_secret_arn     = (known after apply)
  + vpc_id             = (known after apply)
random_password.db: Creating...
random_password.db: Creation complete after 0s [id=none]
aws_cloudwatch_log_group.ecs: Creating...
aws_ecr_repository.atlas_migration: Creating...
aws_secretsmanager_secret.db: Creating...
aws_iam_role.ecs_task_execution: Creating...
aws_vpc.main: Creating...
aws_ecs_cluster.main: Creating...
aws_secretsmanager_secret.db: Creation complete after 0s [id=arn:aws:secretsmanager:us-east-1:000000000000:secret:atlas-db-credentials-EvjHmC]
aws_secretsmanager_secret_version.db: Creating...
aws_iam_policy.secrets_access: Creating...
aws_secretsmanager_secret_version.db: Creation complete after 0s [id=arn:aws:secretsmanager:us-east-1:000000000000:secret:atlas-db-credentials-EvjHmC|terraform-20260118120701407300000002]
aws_iam_role.ecs_task_execution: Creation complete after 1s [id=atlas-ecs-task-execution-role]
aws_iam_role_policy_attachment.ecs_task_execution_policy: Creating...
aws_iam_policy.secrets_access: Creation complete after 1s [id=arn:aws:iam::000000000000:policy/atlas-ecs-secrets-access]
aws_iam_role_policy_attachment.ecs_secrets_access: Creating...
aws_iam_role_policy_attachment.ecs_task_execution_policy: Creation complete after 0s [id=atlas-ecs-task-execution-role/arn:aws:iam::aws:policy/service-role/AmazonECSTaskExecutionRolePolicy]
aws_iam_role_policy_attachment.ecs_secrets_access: Creation complete after 0s [id=atlas-ecs-task-execution-role/arn:aws:iam::000000000000:policy/atlas-ecs-secrets-access]
aws_cloudwatch_log_group.ecs: Creation complete after 1s [id=/ecs/atlas-migration]
aws_ecr_repository.atlas_migration: Creation complete after 6s [id=atlas-migration]
aws_ecs_task_definition.atlas_migration: Creating...
aws_ecs_task_definition.atlas_migration: Creation complete after 0s [id=atlas-migration]
aws_vpc.main: Still creating... [00m10s elapsed]
aws_ecs_cluster.main: Still creating... [00m10s elapsed]
aws_vpc.main: Creation complete after 10s [id=vpc-5eab7e7a0a1999dc7]
aws_internet_gateway.main: Creating...
aws_subnet.private[0]: Creating...
aws_route_table.private: Creating...
aws_route_table.public: Creating...
aws_subnet.public[0]: Creating...
aws_security_group.ecs: Creating...
aws_subnet.private[0]: Creation complete after 0s [id=subnet-1a450345be55f28b1]
aws_internet_gateway.main: Creation complete after 0s [id=igw-abec795132f214729]
aws_db_subnet_group.main: Creating...
aws_eip.nat: Creating...
aws_eip.nat: Creation complete after 0s [id=eipalloc-94f97a3a0f9d1c2f8]
aws_route_table.private: Creation complete after 0s [id=rtb-4a749682084775e02]
aws_route_table.public: Creation complete after 0s [id=rtb-727b145f72b63c6de]
aws_route_table_association.private[0]: Creating...
aws_route.public_internet_access: Creating...
aws_route_table_association.private[0]: Creation complete after 0s [id=rtbassoc-4df6b02d7b7aaa581]
aws_route.public_internet_access: Creation complete after 0s [id=r-rtb-727b145f72b63c6de1080289494]
aws_security_group.ecs: Creation complete after 0s [id=sg-8c7d52cf1604d004a]
aws_security_group.rds: Creating...
aws_security_group.rds: Creation complete after 1s [id=sg-0d9e91621d369e2f4]
aws_ecs_cluster.main: Creation complete after 11s [id=arn:aws:ecs:us-east-1:000000000000:cluster/atlas-ecs-cluster]
aws_ecs_service.atlas_migration: Creating...
aws_ecs_service.atlas_migration: Creation complete after 0s [id=arn:aws:ecs:us-east-1:000000000000:service/atlas-ecs-cluster/atlas-migration-service]
aws_subnet.public[0]: Still creating... [00m10s elapsed]
aws_subnet.public[0]: Creation complete after 10s [id=subnet-a091445d3ca8ee7e8]
aws_route_table_association.public[0]: Creating...
aws_nat_gateway.main: Creating...
aws_route_table_association.public[0]: Creation complete after 0s [id=rtbassoc-123f34ea98f696c9b]
aws_nat_gateway.main: Creation complete after 0s [id=nat-2acf5301c34cfe0f0]
aws_route.private_nat_gateway: Creating...
aws_route.private_nat_gateway: Creation complete after 0s [id=r-rtb-4a749682084775e021080289494]
