{"format_version":"1.2","terraform_version":"1.13.5","variables":{"aws_region":{"value":"us-east-1"},"db_allocated_storage":{"value":20},"db_instance_class":{"value":"db.t3.micro"},"db_name":{"value":"atlasdb"},"db_username":{"value":"atlasadmin"},"private_subnet_cidrs":{"value":["10.0.2.0/24"]},"public_subnet_cidrs":{"value":["10.0.1.0/24"]},"vpc_cidr":{"value":"10.0.0.0/16"}},"planned_values":{"outputs":{"ecr_repository_url":{"sensitive":false},"ecs_cluster_name":{"sensitive":false,"type":"string","value":"atlas-ecs-cluster"},"private_subnet_ids":{"sensitive":false},"public_subnet_ids":{"sensitive":false},"rds_endpoint":{"sensitive":false},"rds_secret_arn":{"sensitive":false},"vpc_id":{"sensitive":false}},"root_module":{"resources":[{"address":"aws_cloudwatch_log_group.ecs","mode":"managed","type":"aws_cloudwatch_log_group","name":"ecs","provider_name":"registry.terraform.io/hashicorp/aws","schema_version":0,"values":{"kms_key_id":null,"name":"/ecs/atlas-migration","region":"us-east-1","retention_in_days":7,"skip_destroy":false,"tags":null},"sensitive_values":{"tags_all":{}},"identity_schema_version":0,"identity":{"account_id":null,"name":null,"region":null}},{"address":"aws_db_instance.main","mode":"managed","type":"aws_db_instance","name":"main","provider_name":"registry.terraform.io/hashicorp/aws","schema_version":2,"values":{"allocated_storage":20,"allow_major_version_upgrade":null,"apply_immediately":false,"auto_minor_version_upgrade":true,"blue_green_update":[],"copy_tags_to_snapshot":false,"custom_iam_instance_profile":null,"customer_owned_ip_enabled":null,"db_name":"atlasdb","db_subnet_group_name":"atlas-db-subnet-group","dedicated_log_volume":false,"delete_automated_backups":true,"deletion_protection":false,"domain":null,"domain_auth_secret_arn":null,"domain_dns_ips":null,"domain_iam_role_name":null,"domain_ou":null,"enabled_cloudwatch_logs_exports":null,"engine":"mysql","engine_version":"8.0","final_snapshot_identifier":null,"iam_database_authentication_enabled":null,"identifier":"atlas-mysql-db","instance_class":"db.t3.micro","manage_master_user_password":null,"max_allocated_storage":null,"monitoring_interval":0,"multi_az":false,"password_wo":null,"password_wo_version":null,"performance_insights_enabled":false,"publicly_accessible":false,"region":"us-east-1","replicate_source_db":null,"restore_to_point_in_time":[],"s3_import":[],"skip_final_snapshot":true,"storage_encrypted":null,"tags":{"Name":"atlas-mysql-db"},"tags_all":{"Name":"atlas-mysql-db"},"timeouts":null,"upgrade_storage_config":null,"username":"atlasadmin"},"sensitive_values":{"blue_green_update":[],"listener_endpoint":[],"master_user_secret":[],"password":true,"password_wo":true,"replicas":[],"restore_to_point_in_time":[],"s3_import":[],"tags":{},"tags_all":{},"vpc_security_group_ids":[]}},{"address":"aws_db_subnet_group.main","mode":"managed","type":"aws_db_subnet_group","name":"main","provider_name":"registry.terraform.io/hashicorp/aws","schema_version":0,"values":{"description":"Managed by Terraform","name":"atlas-db-subnet-group","region":"us-east-1","tags":{"Name":"atlas-db-subnet-group"},"tags_all":{"Name":"atlas-db-subnet-group"}},"sensitive_values":{"subnet_ids":[],"supported_network_types":[],"tags":{},"tags_all":{}}},{"address":"aws_ecr_repository.atlas_migration","mode":"managed","type":"aws_ecr_repository","name":"atlas_migration","provider_name":"registry.terraform.io/hashicorp/aws","schema_version":0,"values":{"encryption_configuration":[],"force_delete":null,"image_scanning_configuration":[],"image_tag_mutability":"MUTABLE","image_tag_mutability_exclusion_filter":[],"name":"atlas-migration","region":"us-east-1","tags":{"Name":"atlas-migration"},"tags_all":{"Name":"atlas-migration"},"timeouts":null},"sensitive_values":{"encryption_configuration":[],"image_scanning_configuration":[],"image_tag_mutability_exclusion_filter":[],"tags":{},"tags_all":{}},"identity_schema_version":0,"identity":{"account_id":null,"name":null,"region":null}},{"address":"aws_ecs_cluster.main","mode":"managed","type":"aws_ecs_cluster","name":"main","provider_name":"registry.terraform.io/hashicorp/aws","schema_version":0,"values":{"configuration":[],"name":"atlas-ecs-cluster","region":"us-east-1","service_connect_defaults":[],"tags":null},"sensitive_values":{"configuration":[],"service_connect_defaults":[],"setting":[],"tags_all":{}}},{"address":"aws_ecs_service.atlas_migration","mode":"managed","type":"aws_ecs_service","name":"atlas_migration","provider_name":"registry.terraform.io/hashicorp/aws","schema_version":1,"values":{"alarms":[],"capacity_provider_strategy":[],"deployment_circuit_breaker":[],"deployment_controller":[],"deployment_maximum_percent":200,"deployment_minimum_healthy_percent":100,"desired_count":0,"enable_ecs_managed_tags":false,"enable_execute_command":false,"force_delete":null,"force_new_deployment":null,"health_check_grace_period_seconds":null,"launch_type":"FARGATE","load_balancer":[],"name":"atlas-migration-service","network_configuration":[{"assign_public_ip":false}],"ordered_placement_strategy":[],"placement_constraints":[],"propagate_tags":null,"region":"us-east-1","scheduling_strategy":"REPLICA","service_connect_configuration":[],"service_registries":[],"sigint_rollback":null,"tags":null,"timeouts":null,"volume_configuration":[],"vpc_lattice_configurations":[],"wait_for_steady_state":false},"sensitive_values":{"alarms":[],"capacity_provider_strategy":[],"deployment_circuit_breaker":[],"deployment_configuration":[],"deployment_controller":[],"load_balancer":[],"network_configuration":[{"security_groups":[],"subnets":[]}],"ordered_placement_strategy":[],"placement_constraints":[],"service_connect_configuration":[],"service_registries":[],"tags_all":{},"triggers":{},"volume_configuration":[],"vpc_lattice_configurations":[]}},{"address":"aws_ecs_task_definition.atlas_migration","mode":"managed","type":"aws_ecs_task_definition","name":"atlas_migration","provider_name":"registry.terraform.io/hashicorp/aws","schema_version":1,"values":{"cpu":"256","ephemeral_storage":[],"family":"atlas-migration","ipc_mode":null,"memory":"512","network_mode":"awsvpc","pid_mode":null,"placement_constraints":[],"proxy_configuration":[],"region":"us-east-1","requires_compatibilities":["FARGATE"],"runtime_platform":[],"skip_destroy":false,"tags":{"Name":"atlas-migration"},"tags_all":{"Name":"atlas-migration"},"track_latest":false,"volume":[]},"sensitive_values":{"ephemeral_storage":[],"placement_constraints":[],"proxy_configuration":[],"requires_compatibilities":[false],"runtime_platform":[],"tags":{},"tags_all":{},"volume":[]}},{"address":"aws_eip.nat","mode":"managed","type":"aws_eip","name":"nat","provider_name":"registry.terraform.io/hashicorp/aws","schema_version":0,"values":{"address":null,"associate_with_private_ip":null,"customer_owned_ipv4_pool":null,"region":"us-east-1","tags":null,"timeouts":null},"sensitive_values":{"tags_all":{}}},{"address":"aws_iam_policy.secrets_access","mode":"managed","type":"aws_iam_policy","name":"secrets_access","provider_name":"registry.terraform.io/hashicorp/aws","schema_version":0,"values":{"delay_after_policy_creation_in_ms":null,"description":"Allow ECS tasks to access Secrets Manager for DB credentials","name":"atlas-ecs-secrets-access","path":"/","tags":null},"sensitive_values":{"tags_all":{}},"identity_schema_version":0,"identity":{"arn":null}},{"address":"aws_iam_role.ecs_task_execution","mode":"managed","type":"aws_iam_role","name":"ecs_task_execution","provider_name":"registry.terraform.io/hashicorp/aws","schema_version":0,"values":{"assume_role_policy":"{\"Statement\":[{\"Action\":\"sts:AssumeRole\",\"Effect\":\"Allow\",\"Principal\":{\"Service\":\"ecs-tasks.amazonaws.com\"}}],\"Version\":\"2012-10-17\"}","description":null,"force_detach_policies":false,"max_session_duration":3600,"name":"atlas-ecs-task-execution-role","path":"/","permissions_boundary":null,"tags":null},"sensitive_values":{"inline_policy":[],"managed_policy_arns":[],"tags_all":{}},"identity_schema_version":0,"identity":{"account_id":null,"name":null}},{"address":"aws_iam_role_policy_attachment.ecs_secrets_access","mode":"managed","type":"aws_iam_role_policy_attachment","name":"ecs_secrets_access","provider_name":"registry.terraform.io/hashicorp/aws","schema_version":0,"values":{"role":"atlas-ecs-task-execution-role"},"sensitive_values":{},"identity_schema_version":0,"identity":{"account_id":null,"policy_arn":null,"role":null}},{"address":"aws_iam_role_policy_attachment.ecs_task_execution_policy","mode":"managed","type":"aws_iam_role_policy_attachment","name":"ecs_task_execution_policy","provider_name":"registry.terraform.io/hashicorp/aws","schema_version":0,"values":{"policy_arn":"arn:aws:iam::aws:policy/service-role/AmazonECSTaskExecutionRolePolicy","role":"atlas-ecs-task-execution-role"},"sensitive_values":{},"identity_schema_version":0,"identity":{"account_id":null,"policy_arn":null,"role":null}},{"address":"aws_internet_gateway.main","mode":"managed","type":"aws_internet_gateway","name":"main","provider_name":"registry.terraform.io/hashicorp/aws","schema_version":0,"values":{"region":"us-east-1","tags":{"Name":"atlas-igw"},"tags_all":{"Name":"atlas-igw"},"timeouts":null},"sensitive_values":{"tags":{},"tags_all":{}}},{"address":"aws_nat_gateway.main","mode":"managed","type":"aws_nat_gateway","name":"main","provider_name":"registry.terraform.io/hashicorp/aws","schema_version":0,"values":{"availability_zone_address":[],"connectivity_type":"public","region":"us-east-1","tags":{"Name":"atlas-nat-gw"},"tags_all":{"Name":"atlas-nat-gw"},"timeouts":null},"sensitive_values":{"availability_zone_address":[],"regional_nat_gateway_address":[],"secondary_allocation_ids":[],"secondary_private_ip_addresses":[],"tags":{},"tags_all":{}}},{"address":"aws_route.private_nat_gateway","mode":"managed","type":"aws_route","name":"private_nat_gateway","provider_name":"registry.terraform.io/hashicorp/aws","schema_version":0,"values":{"carrier_gateway_id":null,"core_network_arn":null,"destination_cidr_block":"0.0.0.0/0","destination_ipv6_cidr_block":null,"destination_prefix_list_id":null,"egress_only_gateway_id":null,"gateway_id":null,"local_gateway_id":null,"region":"us-east-1","timeouts":null,"transit_gateway_id":null,"vpc_endpoint_id":null,"vpc_peering_connection_id":null},"sensitive_values":{},"identity_schema_version":0,"identity":{"account_id":null,"destination_cidr_block":null,"destination_ipv6_cidr_block":null,"destination_prefix_list_id":null,"region":null,"route_table_id":null}},{"address":"aws_route.public_internet_access","mode":"managed","type":"aws_route","name":"public_internet_access","provider_name":"registry.terraform.io/hashicorp/aws","schema_version":0,"values":{"carrier_gateway_id":null,"core_network_arn":null,"destination_cidr_block":"0.0.0.0/0","destination_ipv6_cidr_block":null,"destination_prefix_list_id":null,"egress_only_gateway_id":null,"local_gateway_id":null,"nat_gateway_id":null,"region":"us-east-1","timeouts":null,"transit_gateway_id":null,"vpc_endpoint_id":null,"vpc_peering_connection_id":null},"sensitive_values":{},"identity_schema_version":0,"identity":{"account_id":null,"destination_cidr_block":null,"destination_ipv6_cidr_block":null,"destination_prefix_list_id":null,"region":null,"route_table_id":null}},{"address":"aws_route_table.private","mode":"managed","type":"aws_route_table","name":"private","provider_name":"registry.terraform.io/hashicorp/aws","schema_version":0,"values":{"region":"us-east-1","tags":{"Name":"atlas-private-rt"},"tags_all":{"Name":"atlas-private-rt"},"timeouts":null},"sensitive_values":{"propagating_vgws":[],"route":[],"tags":{},"tags_all":{}},"identity_schema_version":0,"identity":{"account_id":null,"id":null,"region":null}},{"address":"aws_route_table.public","mode":"managed","type":"aws_route_table","name":"public","provider_name":"registry.terraform.io/hashicorp/aws","schema_version":0,"values":{"region":"us-east-1","tags":{"Name":"atlas-public-rt"},"tags_all":{"Name":"atlas-public-rt"},"timeouts":null},"sensitive_values":{"propagating_vgws":[],"route":[],"tags":{},"tags_all":{}},"identity_schema_version":0,"identity":{"account_id":null,"id":null,"region":null}},{"address":"aws_route_table_association.private[0]","mode":"managed","type":"aws_route_table_association","name":"private","index":0,"provider_name":"registry.terraform.io/hashicorp/aws","schema_version":0,"values":{"gateway_id":null,"region":"us-east-1","timeouts":null},"sensitive_values":{}},{"address":"aws_route_table_association.public[0]","mode":"managed","type":"aws_route_table_association","name":"public","index":0,"provider_name":"registry.terraform.io/hashicorp/aws","schema_version":0,"values":{"gateway_id":null,"region":"us-east-1","timeouts":null},"sensitive_values":{}},{"address":"aws_secretsmanager_secret.db","mode":"managed","type":"aws_secretsmanager_secret","name":"db","provider_name":"registry.terraform.io/hashicorp/aws","schema_version":0,"values":{"description":null,"force_overwrite_replica_secret":false,"kms_key_id":null,"name":"atlas-db-credentials","recovery_window_in_days":30,"region":"us-east-1","tags":null},"sensitive_values":{"replica":[],"tags_all":{}},"identity_schema_version":0,"identity":{"arn":null}},{"address":"aws_secretsmanager_secret_version.db","mode":"managed","type":"aws_secretsmanager_secret_version","name":"db","provider_name":"registry.terraform.io/hashicorp/aws","schema_version":0,"values":{"region":"us-east-1","secret_binary":null,"secret_string_wo":null,"secret_string_wo_version":null},"sensitive_values":{"secret_binary":true,"secret_string":true,"secret_string_wo":true,"version_stages":[]},"identity_schema_version":0,"identity":{"account_id":null,"region":null,"secret_id":null,"version_id":null}},{"address":"aws_security_group.ecs","mode":"managed","type":"aws_security_group","name":"ecs","provider_name":"registry.terraform.io/hashicorp/aws","schema_version":1,"values":{"description":"Allow ECS tasks to access RDS and internet","egress":[{"cidr_blocks":["0.0.0.0/0"],"description":"","from_port":0,"ipv6_cidr_blocks":[],"prefix_list_ids":[],"protocol":"-1","security_groups":[],"self":false,"to_port":0}],"name":"atlas-ecs-sg","region":"us-east-1","revoke_rules_on_delete":false,"tags":{"Name":"atlas-ecs-sg"},"tags_all":{"Name":"atlas-ecs-sg"},"timeouts":null},"sensitive_values":{"egress":[{"cidr_blocks":[false],"ipv6_cidr_blocks":[],"prefix_list_ids":[],"security_groups":[]}],"ingress":[],"tags":{},"tags_all":{}},"identity_schema_version":0,"identity":{"account_id":null,"id":null,"region":null}},{"address":"aws_security_group.rds","mode":"managed","type":"aws_security_group","name":"rds","provider_name":"registry.terraform.io/hashicorp/aws","schema_version":1,"values":{"description":"Allow MySQL access from ECS tasks","egress":[{"cidr_blocks":["0.0.0.0/0"],"description":"","from_port":0,"ipv6_cidr_blocks":[],"prefix_list_ids":[],"protocol":"-1","security_groups":[],"self":false,"to_port":0}],"ingress":[{"cidr_blocks":[],"description":"Allow MySQL from ECS","from_port":3306,"ipv6_cidr_blocks":[],"prefix_list_ids":[],"protocol":"tcp","self":false,"to_port":3306}],"name":"atlas-rds-sg","region":"us-east-1","revoke_rules_on_delete":false,"tags":{"Name":"atlas-rds-sg"},"tags_all":{"Name":"atlas-rds-sg"},"timeouts":null},"sensitive_values":{"egress":[{"cidr_blocks":[false],"ipv6_cidr_blocks":[],"prefix_list_ids":[],"security_groups":[]}],"ingress":[{"cidr_blocks":[],"ipv6_cidr_blocks":[],"prefix_list_ids":[],"security_groups":[]}],"tags":{},"tags_all":{}},"identity_schema_version":0,"identity":{"account_id":null,"id":null,"region":null}},{"address":"aws_subnet.private[0]","mode":"managed","type":"aws_subnet","name":"private","index":0,"provider_name":"registry.terraform.io/hashicorp/aws","schema_version":1,"values":{"assign_ipv6_address_on_creation":false,"availability_zone":"us-east-1a","cidr_block":"10.0.2.0/24","customer_owned_ipv4_pool":null,"enable_dns64":false,"enable_lni_at_device_index":null,"enable_resource_name_dns_a_record_on_launch":false,"enable_resource_name_dns_aaaa_record_on_launch":false,"ipv6_cidr_block":null,"ipv6_native":false,"map_customer_owned_ip_on_launch":null,"map_public_ip_on_launch":false,"outpost_arn":null,"region":"us-east-1","tags":{"Name":"atlas-private-subnet-1"},"tags_all":{"Name":"atlas-private-subnet-1"},"timeouts":null},"sensitive_values":{"tags":{},"tags_all":{}},"identity_schema_version":0,"identity":{"account_id":null,"id":null,"region":null}},{"address":"aws_subnet.public[0]","mode":"managed","type":"aws_subnet","name":"public","index":0,"provider_name":"registry.terraform.io/hashicorp/aws","schema_version":1,"values":{"assign_ipv6_address_on_creation":false,"availability_zone":"us-east-1a","cidr_block":"10.0.1.0/24","customer_owned_ipv4_pool":null,"enable_dns64":false,"enable_lni_at_device_index":null,"enable_resource_name_dns_a_record_on_launch":false,"enable_resource_name_dns_aaaa_record_on_launch":false,"ipv6_cidr_block":null,"ipv6_native":false,"map_customer_owned_ip_on_launch":null,"map_public_ip_on_launch":true,"outpost_arn":null,"region":"us-east-1","tags":{"Name":"atlas-public-subnet-1"},"tags_all":{"Name":"atlas-public-subnet-1"},"timeouts":null},"sensitive_values":{"tags":{},"tags_all":{}},"identity_schema_version":0,"identity":{"account_id":null,"id":null,"region":null}},{"address":"aws_vpc.main","mode":"managed","type":"aws_vpc","name":"main","provider_name":"registry.terraform.io/hashicorp/aws","schema_version":1,"values":{"assign_generated_ipv6_cidr_block":null,"cidr_block":"10.0.0.0/16","enable_dns_hostnames":true,"enable_dns_support":true,"instance_tenancy":"default","ipv4_ipam_pool_id":null,"ipv4_netmask_length":null,"ipv6_ipam_pool_id":null,"ipv6_netmask_length":null,"region":"us-east-1","tags":{"Name":"atlas-vpc"},"tags_all":{"Name":"atlas-vpc"}},"sensitive_values":{"tags":{},"tags_all":{}},"identity_schema_version":0,"identity":{"account_id":null,"id":null,"region":null}},{"address":"random_password.db","mode":"managed","type":"random_password","name":"db","provider_name":"registry.terraform.io/hashicorp/random","schema_version":3,"values":{"keepers":null,"length":16,"lower":true,"min_lower":0,"min_numeric":0,"min_special":0,"min_upper":0,"number":true,"numeric":true,"override_special":null,"special":true,"upper":true},"sensitive_values":{"bcrypt_hash":true,"result":true}}]}},"resource_changes":[{"address":"aws_cloudwatch_log_group.ecs","mode":"managed","type":"aws_cloudwatch_log_group","name":"ecs","provider_name":"registry.terraform.io/hashicorp/aws","change":{"actions":["create"],"before":null,"after":{"kms_key_id":null,"name":"/ecs/atlas-migration","region":"us-east-1","retention_in_days":7,"skip_destroy":false,"tags":null},"after_unknown":{"arn":true,"deletion_protection_enabled":true,"id":true,"log_group_class":true,"name_prefix":true,"tags_all":true},"before_sensitive":false,"after_sensitive":{"tags_all":{}},"after_identity":{"account_id":null,"name":null,"region":null}}},{"address":"aws_db_instance.main","mode":"managed","type":"aws_db_instance","name":"main","provider_name":"registry.terraform.io/hashicorp/aws","change":{"actions":["create"],"before":null,"after":{"allocated_storage":20,"allow_major_version_upgrade":null,"apply_immediately":false,"auto_minor_version_upgrade":true,"blue_green_update":[],"copy_tags_to_snapshot":false,"custom_iam_instance_profile":null,"customer_owned_ip_enabled":null,"db_name":"atlasdb","db_subnet_group_name":"atlas-db-subnet-group","dedicated_log_volume":false,"delete_automated_backups":true,"deletion_protection":false,"domain":null,"domain_auth_secret_arn":null,"domain_dns_ips":null,"domain_iam_role_name":null,"domain_ou":null,"enabled_cloudwatch_logs_exports":null,"engine":"mysql","engine_version":"8.0","final_snapshot_identifier":null,"iam_database_authentication_enabled":null,"identifier":"atlas-mysql-db","instance_class":"db.t3.micro","manage_master_user_password":null,"max_allocated_storage":null,"monitoring_interval":0,"multi_az":false,"password_wo":null,"password_wo_version":null,"performance_insights_enabled":false,"publicly_accessible":false,"region":"us-east-1","replicate_source_db":null,"restore_to_point_in_time":[],"s3_import":[],"skip_final_snapshot":true,"storage_encrypted":null,"tags":{"Name":"atlas-mysql-db"},"tags_all":{"Name":"atlas-mysql-db"},"timeouts":null,"upgrade_storage_config":null,"username":"atlasadmin"},"after_unknown":{"address":true,"arn":true,"availability_zone":true,"backup_retention_period":true,"backup_target":true,"backup_window":true,"blue_green_update":[],"ca_cert_identifier":true,"character_set_name":true,"database_insights_mode":true,"domain_fqdn":true,"endpoint":true,"engine_lifecycle_support":true,"engine_version_actual":true,"hosted_zone_id":true,"id":true,"identifier_prefix":true,"iops":true,"kms_key_id":true,"latest_restorable_time":true,"license_model":true,"listener_endpoint":true,"maintenance_window":true,"master_user_secret":true,"master_user_secret_kms_key_id":true,"monitoring_role_arn":true,"nchar_character_set_name":true,"network_type":true,"option_group_name":true,"parameter_group_name":true,"password":true,"performance_insights_kms_key_id":true,"performance_insights_retention_period":true,"port":true,"replica_mode":true,"replicas":true,"resource_id":true,"restore_to_point_in_time":[],"s3_import":[],"snapshot_identifier":true,"status":true,"storage_throughput":true,"storage_type":true,"tags":{},"tags_all":{},"timezone":true,"upgrade_rollout_order":true,"vpc_security_group_ids":true},"before_sensitive":false,"after_sensitive":{"blue_green_update":[],"listener_endpoint":[],"master_user_secret":[],"password":true,"password_wo":true,"replicas":[],"restore_to_point_in_time":[],"s3_import":[],"tags":{},"tags_all":{},"vpc_security_group_ids":[]}}},{"address":"aws_db_subnet_group.main","mode":"managed","type":"aws_db_subnet_group","name":"main","provider_name":"registry.terraform.io/hashicorp/aws","change":{"actions":["create"],"before":null,"after":{"description":"Managed by Terraform","name":"atlas-db-subnet-group","region":"us-east-1","tags":{"Name":"atlas-db-subnet-group"},"tags_all":{"Name":"atlas-db-subnet-group"}},"after_unknown":{"arn":true,"id":true,"name_prefix":true,"subnet_ids":true,"supported_network_types":true,"tags":{},"tags_all":{},"vpc_id":true},"before_sensitive":false,"after_sensitive":{"subnet_ids":[],"supported_network_types":[],"tags":{},"tags_all":{}}}},{"address":"aws_ecr_repository.atlas_migration","mode":"managed","type":"aws_ecr_repository","name":"atlas_migration","provider_name":"registry.terraform.io/hashicorp/aws","change":{"actions":["create"],"before":null,"after":{"encryption_configuration":[],"force_delete":null,"image_scanning_configuration":[],"image_tag_mutability":"MUTABLE","image_tag_mutability_exclusion_filter":[],"name":"atlas-migration","region":"us-east-1","tags":{"Name":"atlas-migration"},"tags_all":{"Name":"atlas-migration"},"timeouts":null},"after_unknown":{"arn":true,"encryption_configuration":[],"id":true,"image_scanning_configuration":[],"image_tag_mutability_exclusion_filter":[],"registry_id":true,"repository_url":true,"tags":{},"tags_all":{}},"before_sensitive":false,"after_sensitive":{"encryption_configuration":[],"image_scanning_configuration":[],"image_tag_mutability_exclusion_filter":[],"tags":{},"tags_all":{}},"after_identity":{"account_id":null,"name":null,"region":null}}},{"address":"aws_ecs_cluster.main","mode":"managed","type":"aws_ecs_cluster","name":"main","provider_name":"registry.terraform.io/hashicorp/aws","change":{"actions":["create"],"before":null,"after":{"configuration":[],"name":"atlas-ecs-cluster","region":"us-east-1","service_connect_defaults":[],"tags":null},"after_unknown":{"arn":true,"configuration":[],"id":true,"service_connect_defaults":[],"setting":true,"tags_all":true},"before_sensitive":false,"after_sensitive":{"configuration":[],"service_connect_defaults":[],"setting":[],"tags_all":{}}}},{"address":"aws_ecs_service.atlas_migration","mode":"managed","type":"aws_ecs_service","name":"atlas_migration","provider_name":"registry.terraform.io/hashicorp/aws","change":{"actions":["create"],"before":null,"after":{"alarms":[],"capacity_provider_strategy":[],"deployment_circuit_breaker":[],"deployment_controller":[],"deployment_maximum_percent":200,"deployment_minimum_healthy_percent":100,"desired_count":0,"enable_ecs_managed_tags":false,"enable_execute_command":false,"force_delete":null,"force_new_deployment":null,"health_check_grace_period_seconds":null,"launch_type":"FARGATE","load_balancer":[],"name":"atlas-migration-service","network_configuration":[{"assign_public_ip":false}],"ordered_placement_strategy":[],"placement_constraints":[],"propagate_tags":null,"region":"us-east-1","scheduling_strategy":"REPLICA","service_connect_configuration":[],"service_registries":[],"sigint_rollback":null,"tags":null,"timeouts":null,"volume_configuration":[],"vpc_lattice_configurations":[],"wait_for_steady_state":false},"after_unknown":{"alarms":[],"arn":true,"availability_zone_rebalancing":true,"capacity_provider_strategy":[],"cluster":true,"deployment_circuit_breaker":[],"deployment_configuration":true,"deployment_controller":[],"iam_role":true,"id":true,"load_balancer":[],"network_configuration":[{"security_groups":true,"subnets":true}],"ordered_placement_strategy":[],"placement_constraints":[],"platform_version":true,"service_connect_configuration":[],"service_registries":[],"tags_all":true,"task_definition":true,"triggers":true,"volume_configuration":[],"vpc_lattice_configurations":[]},"before_sensitive":false,"after_sensitive":{"alarms":[],"capacity_provider_strategy":[],"deployment_circuit_breaker":[],"deployment_configuration":[],"deployment_controller":[],"load_balancer":[],"network_configuration":[{"security_groups":[],"subnets":[]}],"ordered_placement_strategy":[],"placement_constraints":[],"service_connect_configuration":[],"service_registries":[],"tags_all":{},"triggers":{},"volume_configuration":[],"vpc_lattice_configurations":[]}}},{"address":"aws_ecs_task_definition.atlas_migration","mode":"managed","type":"aws_ecs_task_definition","name":"atlas_migration","provider_name":"registry.terraform.io/hashicorp/aws","change":{"actions":["create"],"before":null,"after":{"cpu":"256","ephemeral_storage":[],"family":"atlas-migration","ipc_mode":null,"memory":"512","network_mode":"awsvpc","pid_mode":null,"placement_constraints":[],"proxy_configuration":[],"region":"us-east-1","requires_compatibilities":["FARGATE"],"runtime_platform":[],"skip_destroy":false,"tags":{"Name":"atlas-migration"},"tags_all":{"Name":"atlas-migration"},"track_latest":false,"volume":[]},"after_unknown":{"arn":true,"arn_without_revision":true,"container_definitions":true,"enable_fault_injection":true,"ephemeral_storage":[],"execution_role_arn":true,"id":true,"placement_constraints":[],"proxy_configuration":[],"requires_compatibilities":[false],"revision":true,"runtime_platform":[],"tags":{},"tags_all":{},"task_role_arn":true,"volume":[]},"before_sensitive":false,"after_sensitive":{"ephemeral_storage":[],"placement_constraints":[],"proxy_configuration":[],"requires_compatibilities":[false],"runtime_platform":[],"tags":{},"tags_all":{},"volume":[]}}},{"address":"aws_eip.nat","mode":"managed","type":"aws_eip","name":"nat","provider_name":"registry.terraform.io/hashicorp/aws","change":{"actions":["create"],"before":null,"after":{"address":null,"associate_with_private_ip":null,"customer_owned_ipv4_pool":null,"region":"us-east-1","tags":null,"timeouts":null},"after_unknown":{"allocation_id":true,"arn":true,"association_id":true,"carrier_ip":true,"customer_owned_ip":true,"domain":true,"id":true,"instance":true,"ipam_pool_id":true,"network_border_group":true,"network_interface":true,"private_dns":true,"private_ip":true,"ptr_record":true,"public_dns":true,"public_ip":true,"public_ipv4_pool":true,"tags_all":true},"before_sensitive":false,"after_sensitive":{"tags_all":{}}}},{"address":"aws_iam_policy.secrets_access","mode":"managed","type":"aws_iam_policy","name":"secrets_access","provider_name":"registry.terraform.io/hashicorp/aws","change":{"actions":["create"],"before":null,"after":{"delay_after_policy_creation_in_ms":null,"description":"Allow ECS tasks to access Secrets Manager for DB credentials","name":"atlas-ecs-secrets-access","path":"/","tags":null},"after_unknown":{"arn":true,"attachment_count":true,"id":true,"name_prefix":true,"policy":true,"policy_id":true,"tags_all":true},"before_sensitive":false,"after_sensitive":{"tags_all":{}},"after_identity":{"arn":null}}},{"address":"aws_iam_role.ecs_task_execution","mode":"managed","type":"aws_iam_role","name":"ecs_task_execution","provider_name":"registry.terraform.io/hashicorp/aws","change":{"actions":["create"],"before":null,"after":{"assume_role_policy":"{\"Statement\":[{\"Action\":\"sts:AssumeRole\",\"Effect\":\"Allow\",\"Principal\":{\"Service\":\"ecs-tasks.amazonaws.com\"}}],\"Version\":\"2012-10-17\"}","description":null,"force_detach_policies":false,"max_session_duration":3600,"name":"atlas-ecs-task-execution-role","path":"/","permissions_boundary":null,"tags":null},"after_unknown":{"arn":true,"create_date":true,"id":true,"inline_policy":true,"managed_policy_arns":true,"name_prefix":true,"tags_all":true,"unique_id":true},"before_sensitive":false,"after_sensitive":{"inline_policy":[],"managed_policy_arns":[],"tags_all":{}},"after_identity":{"account_id":null,"name":null}}},{"address":"aws_iam_role_policy_attachment.ecs_secrets_access","mode":"managed","type":"aws_iam_role_policy_attachment","name":"ecs_secrets_access","provider_name":"registry.terraform.io/hashicorp/aws","change":{"actions":["create"],"before":null,"after":{"role":"atlas-ecs-task-execution-role"},"after_unknown":{"id":true,"policy_arn":true},"before_sensitive":false,"after_sensitive":{},"after_identity":{"account_id":null,"policy_arn":null,"role":null}}},{"address":"aws_iam_role_policy_attachment.ecs_task_execution_policy","mode":"managed","type":"aws_iam_role_policy_attachment","name":"ecs_task_execution_policy","provider_name":"registry.terraform.io/hashicorp/aws","change":{"actions":["create"],"before":null,"after":{"policy_arn":"arn:aws:iam::aws:policy/service-role/AmazonECSTaskExecutionRolePolicy","role":"atlas-ecs-task-execution-role"},"after_unknown":{"id":true},"before_sensitive":false,"after_sensitive":{},"after_identity":{"account_id":null,"policy_arn":null,"role":null}}},{"address":"aws_internet_gateway.main","mode":"managed","type":"aws_internet_gateway","name":"main","provider_name":"registry.terraform.io/hashicorp/aws","change":{"actions":["create"],"before":null,"after":{"region":"us-east-1","tags":{"Name":"atlas-igw"},"tags_all":{"Name":"atlas-igw"},"timeouts":null},"after_unknown":{"arn":true,"id":true,"owner_id":true,"tags":{},"tags_all":{},"vpc_id":true},"before_sensitive":false,"after_sensitive":{"tags":{},"tags_all":{}}}},{"address":"aws_nat_gateway.main","mode":"managed","type":"aws_nat_gateway","name":"main","provider_name":"registry.terraform.io/hashicorp/aws","change":{"actions":["create"],"before":null,"after":{"availability_zone_address":[],"connectivity_type":"public","region":"us-east-1","tags":{"Name":"atlas-nat-gw"},"tags_all":{"Name":"atlas-nat-gw"},"timeouts":null},"after_unknown":{"allocation_id":true,"association_id":true,"auto_provision_zones":true,"auto_scaling_ips":true,"availability_mode":true,"availability_zone_address":[],"id":true,"network_interface_id":true,"private_ip":true,"public_ip":true,"regional_nat_gateway_address":true,"regional_nat_gateway_auto_mode":true,"route_table_id":true,"secondary_allocation_ids":true,"secondary_private_ip_address_count":true,"secondary_private_ip_addresses":true,"subnet_id":true,"tags":{},"tags_all":{},"vpc_id":true},"before_sensitive":false,"after_sensitive":{"availability_zone_address":[],"regional_nat_gateway_address":[],"secondary_allocation_ids":[],"secondary_private_ip_addresses":[],"tags":{},"tags_all":{}}}},{"address":"aws_route.private_nat_gateway","mode":"managed","type":"aws_route","name":"private_nat_gateway","provider_name":"registry.terraform.io/hashicorp/aws","change":{"actions":["create"],"before":null,"after":{"carrier_gateway_id":null,"core_network_arn":null,"destination_cidr_block":"0.0.0.0/0","destination_ipv6_cidr_block":null,"destination_prefix_list_id":null,"egress_only_gateway_id":null,"gateway_id":null,"local_gateway_id":null,"region":"us-east-1","timeouts":null,"transit_gateway_id":null,"vpc_endpoint_id":null,"vpc_peering_connection_id":null},"after_unknown":{"id":true,"instance_id":true,"instance_owner_id":true,"nat_gateway_id":true,"network_interface_id":true,"origin":true,"route_table_id":true,"state":true},"before_sensitive":false,"after_sensitive":{},"after_identity":{"account_id":null,"destination_cidr_block":null,"destination_ipv6_cidr_block":null,"destination_prefix_list_id":null,"region":null,"route_table_id":null}}},{"address":"aws_route.public_internet_access","mode":"managed","type":"aws_route","name":"public_internet_access","provider_name":"registry.terraform.io/hashicorp/aws","change":{"actions":["create"],"before":null,"after":{"carrier_gateway_id":null,"core_network_arn":null,"destination_cidr_block":"0.0.0.0/0","destination_ipv6_cidr_block":null,"destination_prefix_list_id":null,"egress_only_gateway_id":null,"local_gateway_id":null,"nat_gateway_id":null,"region":"us-east-1","timeouts":null,"transit_gateway_id":null,"vpc_endpoint_id":null,"vpc_peering_connection_id":null},"after_unknown":{"gateway_id":true,"id":true,"instance_id":true,"instance_owner_id":true,"network_interface_id":true,"origin":true,"route_table_id":true,"state":true},"before_sensitive":false,"after_sensitive":{},"after_identity":{"account_id":null,"destination_cidr_block":null,"destination_ipv6_cidr_block":null,"destination_prefix_list_id":null,"region":null,"route_table_id":null}}},{"address":"aws_route_table.private","mode":"managed","type":"aws_route_table","name":"private","provider_name":"registry.terraform.io/hashicorp/aws","change":{"actions":["create"],"before":null,"after":{"region":"us-east-1","tags":{"Name":"atlas-private-rt"},"tags_all":{"Name":"atlas-private-rt"},"timeouts":null},"after_unknown":{"arn":true,"id":true,"owner_id":true,"propagating_vgws":true,"route":true,"tags":{},"tags_all":{},"vpc_id":true},"before_sensitive":false,"after_sensitive":{"propagating_vgws":[],"route":[],"tags":{},"tags_all":{}},"after_identity":{"account_id":null,"id":null,"region":null}}},{"address":"aws_route_table.public","mode":"managed","type":"aws_route_table","name":"public","provider_name":"registry.terraform.io/hashicorp/aws","change":{"actions":["create"],"before":null,"after":{"region":"us-east-1","tags":{"Name":"atlas-public-rt"},"tags_all":{"Name":"atlas-public-rt"},"timeouts":null},"after_unknown":{"arn":true,"id":true,"owner_id":true,"propagating_vgws":true,"route":true,"tags":{},"tags_all":{},"vpc_id":true},"before_sensitive":false,"after_sensitive":{"propagating_vgws":[],"route":[],"tags":{},"tags_all":{}},"after_identity":{"account_id":null,"id":null,"region":null}}},{"address":"aws_route_table_association.private[0]","mode":"managed","type":"aws_route_table_association","name":"private","index":0,"provider_name":"registry.terraform.io/hashicorp/aws","change":{"actions":["create"],"before":null,"after":{"gateway_id":null,"region":"us-east-1","timeouts":null},"after_unknown":{"id":true,"route_table_id":true,"subnet_id":true},"before_sensitive":false,"after_sensitive":{}}},{"address":"aws_route_table_association.public[0]","mode":"managed","type":"aws_route_table_association","name":"public","index":0,"provider_name":"registry.terraform.io/hashicorp/aws","change":{"actions":["create"],"before":null,"after":{"gateway_id":null,"region":"us-east-1","timeouts":null},"after_unknown":{"id":true,"route_table_id":true,"subnet_id":true},"before_sensitive":false,"after_sensitive":{}}},{"address":"aws_secretsmanager_secret.db","mode":"managed","type":"aws_secretsmanager_secret","name":"db","provider_name":"registry.terraform.io/hashicorp/aws","change":{"actions":["create"],"before":null,"after":{"description":null,"force_overwrite_replica_secret":false,"kms_key_id":null,"name":"atlas-db-credentials","recovery_window_in_days":30,"region":"us-east-1","tags":null},"after_unknown":{"arn":true,"id":true,"name_prefix":true,"policy":true,"replica":true,"tags_all":true},"before_sensitive":false,"after_sensitive":{"replica":[],"tags_all":{}},"after_identity":{"arn":null}}},{"address":"aws_secretsmanager_secret_version.db","mode":"managed","type":"aws_secretsmanager_secret_version","name":"db","provider_name":"registry.terraform.io/hashicorp/aws","change":{"actions":["create"],"before":null,"after":{"region":"us-east-1","secret_binary":null,"secret_string_wo":null,"secret_string_wo_version":null},"after_unknown":{"arn":true,"has_secret_string_wo":true,"id":true,"secret_id":true,"secret_string":true,"version_id":true,"version_stages":true},"before_sensitive":false,"after_sensitive":{"secret_binary":true,"secret_string":true,"secret_string_wo":true,"version_stages":[]},"after_identity":{"account_id":null,"region":null,"secret_id":null,"version_id":null}}},{"address":"aws_security_group.ecs","mode":"managed","type":"aws_security_group","name":"ecs","provider_name":"registry.terraform.io/hashicorp/aws","change":{"actions":["create"],"before":null,"after":{"description":"Allow ECS tasks to access RDS and internet","egress":[{"cidr_blocks":["0.0.0.0/0"],"description":"","from_port":0,"ipv6_cidr_blocks":[],"prefix_list_ids":[],"protocol":"-1","security_groups":[],"self":false,"to_port":0}],"name":"atlas-ecs-sg","region":"us-east-1","revoke_rules_on_delete":false,"tags":{"Name":"atlas-ecs-sg"},"tags_all":{"Name":"atlas-ecs-sg"},"timeouts":null},"after_unknown":{"arn":true,"egress":[{"cidr_blocks":[false],"ipv6_cidr_blocks":[],"prefix_list_ids":[],"security_groups":[]}],"id":true,"ingress":true,"name_prefix":true,"owner_id":true,"tags":{},"tags_all":{},"vpc_id":true},"before_sensitive":false,"after_sensitive":{"egress":[{"cidr_blocks":[false],"ipv6_cidr_blocks":[],"prefix_list_ids":[],"security_groups":[]}],"ingress":[],"tags":{},"tags_all":{}},"after_identity":{"account_id":null,"id":null,"region":null}}},{"address":"aws_security_group.rds","mode":"managed","type":"aws_security_group","name":"rds","provider_name":"registry.terraform.io/hashicorp/aws","change":{"actions":["create"],"before":null,"after":{"description":"Allow MySQL access from ECS tasks","egress":[{"cidr_blocks":["0.0.0.0/0"],"description":"","from_port":0,"ipv6_cidr_blocks":[],"prefix_list_ids":[],"protocol":"-1","security_groups":[],"self":false,"to_port":0}],"ingress":[{"cidr_blocks":[],"description":"Allow MySQL from ECS","from_port":3306,"ipv6_cidr_blocks":[],"prefix_list_ids":[],"protocol":"tcp","self":false,"to_port":3306}],"name":"atlas-rds-sg","region":"us-east-1","revoke_rules_on_delete":false,"tags":{"Name":"atlas-rds-sg"},"tags_all":{"Name":"atlas-rds-sg"},"timeouts":null},"after_unknown":{"arn":true,"egress":[{"cidr_blocks":[false],"ipv6_cidr_blocks":[],"prefix_list_ids":[],"security_groups":[]}],"id":true,"ingress":[{"cidr_blocks":[],"ipv6_cidr_blocks":[],"prefix_list_ids":[],"security_groups":true}],"name_prefix":true,"owner_id":true,"tags":{},"tags_all":{},"vpc_id":true},"before_sensitive":false,"after_sensitive":{"egress":[{"cidr_blocks":[false],"ipv6_cidr_blocks":[],"prefix_list_ids":[],"security_groups":[]}],"ingress":[{"cidr_blocks":[],"ipv6_cidr_blocks":[],"prefix_list_ids":[],"security_groups":[]}],"tags":{},"tags_all":{}},"after_identity":{"account_id":null,"id":null,"region":null}}},{"address":"aws_subnet.private[0]","mode":"managed","type":"aws_subnet","name":"private","index":0,"provider_name":"registry.terraform.io/hashicorp/aws","change":{"actions":["create"],"before":null,"after":{"assign_ipv6_address_on_creation":false,"availability_zone":"us-east-1a","cidr_block":"10.0.2.0/24","customer_owned_ipv4_pool":null,"enable_dns64":false,"enable_lni_at_device_index":null,"enable_resource_name_dns_a_record_on_launch":false,"enable_resource_name_dns_aaaa_record_on_launch":false,"ipv6_cidr_block":null,"ipv6_native":false,"map_customer_owned_ip_on_launch":null,"map_public_ip_on_launch":false,"outpost_arn":null,"region":"us-east-1","tags":{"Name":"atlas-private-subnet-1"},"tags_all":{"Name":"atlas-private-subnet-1"},"timeouts":null},"after_unknown":{"arn":true,"availability_zone_id":true,"id":true,"ipv6_cidr_block_association_id":true,"owner_id":true,"private_dns_hostname_type_on_launch":true,"tags":{},"tags_all":{},"vpc_id":true},"before_sensitive":false,"after_sensitive":{"tags":{},"tags_all":{}},"after_identity":{"account_id":null,"id":null,"region":null}}},{"address":"aws_subnet.public[0]","mode":"managed","type":"aws_subnet","name":"public","index":0,"provider_name":"registry.terraform.io/hashicorp/aws","change":{"actions":["create"],"before":null,"after":{"assign_ipv6_address_on_creation":false,"availability_zone":"us-east-1a","cidr_block":"10.0.1.0/24","customer_owned_ipv4_pool":null,"enable_dns64":false,"enable_lni_at_device_index":null,"enable_resource_name_dns_a_record_on_launch":false,"enable_resource_name_dns_aaaa_record_on_launch":false,"ipv6_cidr_block":null,"ipv6_native":false,"map_customer_owned_ip_on_launch":null,"map_public_ip_on_launch":true,"outpost_arn":null,"region":"us-east-1","tags":{"Name":"atlas-public-subnet-1"},"tags_all":{"Name":"atlas-public-subnet-1"},"timeouts":null},"after_unknown":{"arn":true,"availability_zone_id":true,"id":true,"ipv6_cidr_block_association_id":true,"owner_id":true,"private_dns_hostname_type_on_launch":true,"tags":{},"tags_all":{},"vpc_id":true},"before_sensitive":false,"after_sensitive":{"tags":{},"tags_all":{}},"after_identity":{"account_id":null,"id":null,"region":null}}},{"address":"aws_vpc.main","mode":"managed","type":"aws_vpc","name":"main","provider_name":"registry.terraform.io/hashicorp/aws","change":{"actions":["create"],"before":null,"after":{"assign_generated_ipv6_cidr_block":null,"cidr_block":"10.0.0.0/16","enable_dns_hostnames":true,"enable_dns_support":true,"instance_tenancy":"default","ipv4_ipam_pool_id":null,"ipv4_netmask_length":null,"ipv6_ipam_pool_id":null,"ipv6_netmask_length":null,"region":"us-east-1","tags":{"Name":"atlas-vpc"},"tags_all":{"Name":"atlas-vpc"}},"after_unknown":{"arn":true,"default_network_acl_id":true,"default_route_table_id":true,"default_security_group_id":true,"dhcp_options_id":true,"enable_network_address_usage_metrics":true,"id":true,"ipv6_association_id":true,"ipv6_cidr_block":true,"ipv6_cidr_block_network_border_group":true,"main_route_table_id":true,"owner_id":true,"tags":{},"tags_all":{}},"before_sensitive":false,"after_sensitive":{"tags":{},"tags_all":{}},"after_identity":{"account_id":null,"id":null,"region":null}}},{"address":"random_password.db","mode":"managed","type":"random_password","name":"db","provider_name":"registry.terraform.io/hashicorp/random","change":{"actions":["create"],"before":null,"after":{"keepers":null,"length":16,"lower":true,"min_lower":0,"min_numeric":0,"min_special":0,"min_upper":0,"number":true,"numeric":true,"override_special":null,"special":true,"upper":true},"after_unknown":{"bcrypt_hash":true,"id":true,"result":true},"before_sensitive":false,"after_sensitive":{"bcrypt_hash":true,"result":true}}}],"output_changes":{"ecr_repository_url":{"actions":["create"],"before":null,"after_unknown":true,"before_sensitive":false,"after_sensitive":false},"ecs_cluster_name":{"actions":["create"],"before":null,"after":"atlas-ecs-cluster","after_unknown":false,"before_sensitive":false,"after_sensitive":false},"private_subnet_ids":{"actions":["create"],"before":null,"after":[null],"after_unknown":[true],"before_sensitive":false,"after_sensitive":false},"public_subnet_ids":{"actions":["create"],"before":null,"after":[null],"after_unknown":[true],"before_sensitive":false,"after_sensitive":false},"rds_endpoint":{"actions":["create"],"before":null,"after_unknown":true,"before_sensitive":false,"after_sensitive":false},"rds_secret_arn":{"actions":["create"],"before":null,"after_unknown":true,"before_sensitive":false,"after_sensitive":false},"vpc_id":{"actions":["create"],"before":null,"after_unknown":true,"before_sensitive":false,"after_sensitive":false}},"prior_state":{"format_version":"1.0","terraform_version":"1.13.5","values":{"outputs":{"ecs_cluster_name":{"sensitive":false,"value":"atlas-ecs-cluster","type":"string"}},"root_module":{"resources":[{"address":"data.aws_availability_zones.available","mode":"data","type":"aws_availability_zones","name":"available","provider_name":"registry.terraform.io/hashicorp/aws","schema_version":0,"values":{"all_availability_zones":null,"exclude_names":null,"exclude_zone_ids":null,"filter":null,"group_names":[""],"id":"us-east-1","names":["us-east-1a","us-east-1b","us-east-1c","us-east-1d","us-east-1e","us-east-1f"],"region":"us-east-1","state":null,"timeouts":null,"zone_ids":["use1-az6","use1-az1","use1-az2","use1-az4","use1-az3","use1-az5"]},"sensitive_values":{"group_names":[false],"names":[false,false,false,false,false,false],"zone_ids":[false,false,false,false,false,false]}}]}}},"configuration":{"provider_config":{"aws":{"name":"aws","full_name":"registry.terraform.io/hashicorp/aws","version_constraint":"~\u003e 6.28.0","expressions":{"region":{"references":["var.aws_region"]}}},"random":{"name":"random","full_name":"registry.terraform.io/hashicorp/random"}},"root_module":{"outputs":{"ecr_repository_url":{"expression":{"references":["aws_ecr_repository.atlas_migration.repository_url","aws_ecr_repository.atlas_migration"]},"description":"ECR repository URL for the Atlas migration tool."},"ecs_cluster_name":{"expression":{"references":["aws_ecs_cluster.main.name","aws_ecs_cluster.main"]},"description":"ECS cluster name."},"private_subnet_ids":{"expression":{"references":["aws_subnet.private"]},"description":"IDs of the private subnets."},"public_subnet_ids":{"expression":{"references":["aws_subnet.public"]},"description":"IDs of the public subnets."},"rds_endpoint":{"expression":{"references":["aws_db_instance.main.endpoint","aws_db_instance.main"]},"description":"RDS MySQL endpoint."},"rds_secret_arn":{"expression":{"references":["aws_secretsmanager_secret.db.arn","aws_secretsmanager_secret.db"]},"description":"ARN of the Secrets Manager secret for DB credentials."},"vpc_id":{"expression":{"references":["aws_vpc.main.id","aws_vpc.main"]},"description":"The ID of the VPC."}},"resources":[{"address":"aws_cloudwatch_log_group.ecs","mode":"managed","type":"aws_cloudwatch_log_group","name":"ecs","provider_config_key":"aws","expressions":{"name":{"constant_value":"/ecs/atlas-migration"},"retention_in_days":{"constant_value":7}},"schema_version":0},{"address":"aws_db_instance.main","mode":"managed","type":"aws_db_instance","name":"main","provider_config_key":"aws","expressions":{"allocated_storage":{"references":["var.db_allocated_storage"]},"db_name":{"references":["var.db_name"]},"db_subnet_group_name":{"references":["aws_db_subnet_group.main.name","aws_db_subnet_group.main"]},"deletion_protection":{"constant_value":false},"engine":{"constant_value":"mysql"},"engine_version":{"constant_value":"8.0"},"identifier":{"constant_value":"atlas-mysql-db"},"instance_class":{"references":["var.db_instance_class"]},"multi_az":{"constant_value":false},"password":{"references":["random_password.db.result","random_password.db"]},"publicly_accessible":{"constant_value":false},"skip_final_snapshot":{"constant_value":true},"tags":{"constant_value":{"Name":"atlas-mysql-db"}},"username":{"references":["var.db_username"]},"vpc_security_group_ids":{"references":["aws_security_group.rds.id","aws_security_group.rds"]}},"schema_version":2,"depends_on":["aws_db_subnet_group.main"]},{"address":"aws_db_subnet_group.main","mode":"managed","type":"aws_db_subnet_group","name":"main","provider_config_key":"aws","expressions":{"name":{"constant_value":"atlas-db-subnet-group"},"subnet_ids":{"references":["aws_subnet.private"]},"tags":{"constant_value":{"Name":"atlas-db-subnet-group"}}},"schema_version":0},{"address":"aws_ecr_repository.atlas_migration","mode":"managed","type":"aws_ecr_repository","name":"atlas_migration","provider_config_key":"aws","expressions":{"image_tag_mutability":{"constant_value":"MUTABLE"},"name":{"constant_value":"atlas-migration"},"tags":{"constant_value":{"Name":"atlas-migration"}}},"schema_version":0},{"address":"aws_ecs_cluster.main","mode":"managed","type":"aws_ecs_cluster","name":"main","provider_config_key":"aws","expressions":{"name":{"constant_value":"atlas-ecs-cluster"}},"schema_version":0},{"address":"aws_ecs_service.atlas_migration","mode":"managed","type":"aws_ecs_service","name":"atlas_migration","provider_config_key":"aws","expressions":{"cluster":{"references":["aws_ecs_cluster.main.id","aws_ecs_cluster.main"]},"desired_count":{"constant_value":0},"launch_type":{"constant_value":"FARGATE"},"name":{"constant_value":"atlas-migration-service"},"network_configuration":[{"assign_public_ip":{"constant_value":false},"security_groups":{"references":["aws_security_group.ecs.id","aws_security_group.ecs"]},"subnets":{"references":["aws_subnet.private"]}}],"task_definition":{"references":["aws_ecs_task_definition.atlas_migration.arn","aws_ecs_task_definition.atlas_migration"]}},"schema_version":1,"depends_on":["aws_iam_role_policy_attachment.ecs_task_execution_policy","aws_iam_role_policy_attachment.ecs_secrets_access"]},{"address":"aws_ecs_task_definition.atlas_migration","mode":"managed","type":"aws_ecs_task_definition","name":"atlas_migration","provider_config_key":"aws","expressions":{"container_definitions":{"references":["aws_ecr_repository.atlas_migration.repository_url","aws_ecr_repository.atlas_migration","aws_secretsmanager_secret.db.arn","aws_secretsmanager_secret.db","var.db_name","aws_cloudwatch_log_group.ecs.name","aws_cloudwatch_log_group.ecs","var.aws_region"]},"cpu":{"constant_value":"256"},"execution_role_arn":{"references":["aws_iam_role.ecs_task_execution.arn","aws_iam_role.ecs_task_execution"]},"family":{"constant_value":"atlas-migration"},"memory":{"constant_value":"512"},"network_mode":{"constant_value":"awsvpc"},"requires_compatibilities":{"constant_value":["FARGATE"]},"tags":{"constant_value":{"Name":"atlas-migration"}},"task_role_arn":{"references":["aws_iam_role.ecs_task_execution.arn","aws_iam_role.ecs_task_execution"]}},"schema_version":1},{"address":"aws_eip.nat","mode":"managed","type":"aws_eip","name":"nat","provider_config_key":"aws","schema_version":0,"depends_on":["aws_internet_gateway.main"]},{"address":"aws_iam_policy.secrets_access","mode":"managed","type":"aws_iam_policy","name":"secrets_access","provider_config_key":"aws","expressions":{"description":{"constant_value":"Allow ECS tasks to access Secrets Manager for DB credentials"},"name":{"constant_value":"atlas-ecs-secrets-access"},"policy":{"references":["aws_secretsmanager_secret.db.arn","aws_secretsmanager_secret.db"]}},"schema_version":0},{"address":"aws_iam_role.ecs_task_execution","mode":"managed","type":"aws_iam_role","name":"ecs_task_execution","provider_config_key":"aws","expressions":{"assume_role_policy":{},"name":{"constant_value":"atlas-ecs-task-execution-role"}},"schema_version":0},{"address":"aws_iam_role_policy_attachment.ecs_secrets_access","mode":"managed","type":"aws_iam_role_policy_attachment","name":"ecs_secrets_access","provider_config_key":"aws","expressions":{"policy_arn":{"references":["aws_iam_policy.secrets_access.arn","aws_iam_policy.secrets_access"]},"role":{"references":["aws_iam_role.ecs_task_execution.name","aws_iam_role.ecs_task_execution"]}},"schema_version":0},{"address":"aws_iam_role_policy_attachment.ecs_task_execution_policy","mode":"managed","type":"aws_iam_role_policy_attachment","name":"ecs_task_execution_policy","provider_config_key":"aws","expressions":{"policy_arn":{"constant_value":"arn:aws:iam::aws:policy/service-role/AmazonECSTaskExecutionRolePolicy"},"role":{"references":["aws_iam_role.ecs_task_execution.name","aws_iam_role.ecs_task_execution"]}},"schema_version":0},{"address":"aws_internet_gateway.main","mode":"managed","type":"aws_internet_gateway","name":"main","provider_config_key":"aws","expressions":{"tags":{"constant_value":{"Name":"atlas-igw"}},"vpc_id":{"references":["aws_vpc.main.id","aws_vpc.main"]}},"schema_version":0},{"address":"aws_nat_gateway.main","mode":"managed","type":"aws_nat_gateway","name":"main","provider_config_key":"aws","expressions":{"allocation_id":{"references":["aws_eip.nat.id","aws_eip.nat"]},"subnet_id":{"references":["aws_subnet.public[0].id","aws_subnet.public[0]","aws_subnet.public"]},"tags":{"constant_value":{"Name":"atlas-nat-gw"}}},"schema_version":0},{"address":"aws_route.private_nat_gateway","mode":"managed","type":"aws_route","name":"private_nat_gateway","provider_config_key":"aws","expressions":{"destination_cidr_block":{"constant_value":"0.0.0.0/0"},"nat_gateway_id":{"references":["aws_nat_gateway.main.id","aws_nat_gateway.main"]},"route_table_id":{"references":["aws_route_table.private.id","aws_route_table.private"]}},"schema_version":0},{"address":"aws_route.public_internet_access","mode":"managed","type":"aws_route","name":"public_internet_access","provider_config_key":"aws","expressions":{"destination_cidr_block":{"constant_value":"0.0.0.0/0"},"gateway_id":{"references":["aws_internet_gateway.main.id","aws_internet_gateway.main"]},"route_table_id":{"references":["aws_route_table.public.id","aws_route_table.public"]}},"schema_version":0},{"address":"aws_route_table.private","mode":"managed","type":"aws_route_table","name":"private","provider_config_key":"aws","expressions":{"tags":{"constant_value":{"Name":"atlas-private-rt"}},"vpc_id":{"references":["aws_vpc.main.id","aws_vpc.main"]}},"schema_version":0},{"address":"aws_route_table.public","mode":"managed","type":"aws_route_table","name":"public","provider_config_key":"aws","expressions":{"tags":{"constant_value":{"Name":"atlas-public-rt"}},"vpc_id":{"references":["aws_vpc.main.id","aws_vpc.main"]}},"schema_version":0},{"address":"aws_route_table_association.private","mode":"managed","type":"aws_route_table_association","name":"private","provider_config_key":"aws","expressions":{"route_table_id":{"references":["aws_route_table.private.id","aws_route_table.private"]},"subnet_id":{"references":["aws_subnet.private","count.index"]}},"schema_version":0,"count_expression":{"references":["var.private_subnet_cidrs"]}},{"address":"aws_route_table_association.public","mode":"managed","type":"aws_route_table_association","name":"public","provider_config_key":"aws","expressions":{"route_table_id":{"references":["aws_route_table.public.id","aws_route_table.public"]},"subnet_id":{"references":["aws_subnet.public","count.index"]}},"schema_version":0,"count_expression":{"references":["var.public_subnet_cidrs"]}},{"address":"aws_secretsmanager_secret.db","mode":"managed","type":"aws_secretsmanager_secret","name":"db","provider_config_key":"aws","expressions":{"name":{"constant_value":"atlas-db-credentials"}},"schema_version":0},{"address":"aws_secretsmanager_secret_version.db","mode":"managed","type":"aws_secretsmanager_secret_version","name":"db","provider_config_key":"aws","expressions":{"secret_id":{"references":["aws_secretsmanager_secret.db.id","aws_secretsmanager_secret.db"]},"secret_string":{"references":["var.db_username","random_password.db.result","random_password.db"]}},"schema_version":0},{"address":"aws_security_group.ecs","mode":"managed","type":"aws_security_group","name":"ecs","provider_config_key":"aws","expressions":{"description":{"constant_value":"Allow ECS tasks to access RDS and internet"},"egress":{"constant_value":[{"cidr_blocks":["0.0.0.0/0"],"description":null,"from_port":0,"ipv6_cidr_blocks":null,"prefix_list_ids":null,"protocol":"-1","security_groups":null,"self":null,"to_port":0}]},"name":{"constant_value":"atlas-ecs-sg"},"tags":{"constant_value":{"Name":"atlas-ecs-sg"}},"vpc_id":{"references":["aws_vpc.main.id","aws_vpc.main"]}},"schema_version":1},{"address":"aws_security_group.rds","mode":"managed","type":"aws_security_group","name":"rds","provider_config_key":"aws","expressions":{"description":{"constant_value":"Allow MySQL access from ECS tasks"},"egress":{"constant_value":[{"cidr_blocks":["0.0.0.0/0"],"description":null,"from_port":0,"ipv6_cidr_blocks":null,"prefix_list_ids":null,"protocol":"-1","security_groups":null,"self":null,"to_port":0}]},"ingress":{"references":["aws_security_group.ecs.id","aws_security_group.ecs"]},"name":{"constant_value":"atlas-rds-sg"},"tags":{"constant_value":{"Name":"atlas-rds-sg"}},"vpc_id":{"references":["aws_vpc.main.id","aws_vpc.main"]}},"schema_version":1},{"address":"aws_subnet.private","mode":"managed","type":"aws_subnet","name":"private","provider_config_key":"aws","expressions":{"availability_zone":{"references":["data.aws_availability_zones.available.names","data.aws_availability_zones.available","count.index"]},"cidr_block":{"references":["var.private_subnet_cidrs","count.index"]},"tags":{"references":["count.index"]},"vpc_id":{"references":["aws_vpc.main.id","aws_vpc.main"]}},"schema_version":1,"count_expression":{"references":["var.private_subnet_cidrs"]}},{"address":"aws_subnet.public","mode":"managed","type":"aws_subnet","name":"public","provider_config_key":"aws","expressions":{"availability_zone":{"references":["data.aws_availability_zones.available.names","data.aws_availability_zones.available","count.index"]},"cidr_block":{"references":["var.public_subnet_cidrs","count.index"]},"map_public_ip_on_launch":{"constant_value":true},"tags":{"references":["count.index"]},"vpc_id":{"references":["aws_vpc.main.id","aws_vpc.main"]}},"schema_version":1,"count_expression":{"references":["var.public_subnet_cidrs"]}},{"address":"aws_vpc.main","mode":"managed","type":"aws_vpc","name":"main","provider_config_key":"aws","expressions":{"cidr_block":{"references":["var.vpc_cidr"]},"enable_dns_hostnames":{"constant_value":true},"enable_dns_support":{"constant_value":true},"tags":{"constant_value":{"Name":"atlas-vpc"}}},"schema_version":1},{"address":"random_password.db","mode":"managed","type":"random_password","name":"db","provider_config_key":"random","expressions":{"length":{"constant_value":16},"special":{"constant_value":true}},"schema_version":3},{"address":"data.aws_availability_zones.available","mode":"data","type":"aws_availability_zones","name":"available","provider_config_key":"aws","schema_version":0}],"variables":{"aws_region":{"default":"us-east-1","description":"AWS region to deploy resources in."},"db_allocated_storage":{"default":20,"description":"RDS allocated storage in GB."},"db_instance_class":{"default":"db.t3.micro","description":"RDS instance class."},"db_name":{"default":"atlasdb","description":"Database name for the RDS MySQL instance."},"db_username":{"default":"atlasadmin","description":"Username for the RDS MySQL instance."},"private_subnet_cidrs":{"default":["10.0.2.0/24"],"description":"List of private subnet CIDR blocks."},"public_subnet_cidrs":{"default":["10.0.1.0/24"],"description":"List of public subnet CIDR blocks."},"vpc_cidr":{"default":"10.0.0.0/16","description":"CIDR block for the VPC."}}}},"relevant_attributes":[{"resource":"aws_ecs_cluster.main","attribute":["id"]},{"resource":"aws_db_instance.main","attribute":["endpoint"]},{"resource":"aws_ecs_cluster.main","attribute":["name"]},{"resource":"aws_iam_role.ecs_task_execution","attribute":["name"]},{"resource":"aws_secretsmanager_secret.db","attribute":["id"]},{"resource":"aws_internet_gateway.main","attribute":["id"]},{"resource":"aws_cloudwatch_log_group.ecs","attribute":["name"]},{"resource":"aws_ecr_repository.atlas_migration","attribute":["repository_url"]},{"resource":"random_password.db","attribute":["result"]},{"resource":"aws_secretsmanager_secret.db","attribute":["arn"]},{"resource":"aws_iam_role.ecs_task_execution","attribute":["arn"]},{"resource":"aws_route_table.public","attribute":["id"]},{"resource":"aws_subnet.private","attribute":[]},{"resource":"aws_nat_gateway.main","attribute":["id"]},{"resource":"aws_subnet.public","attribute":[]},{"resource":"aws_eip.nat","attribute":["id"]},{"resource":"aws_vpc.main","attribute":["id"]},{"resource":"aws_ecs_task_definition.atlas_migration","attribute":["arn"]},{"resource":"aws_subnet.public[0]","attribute":["id"]},{"resource":"data.aws_availability_zones.available","attribute":["names"]},{"resource":"aws_iam_policy.secrets_access","attribute":["arn"]},{"resource":"aws_security_group.rds","attribute":["id"]},{"resource":"aws_db_subnet_group.main","attribute":["name"]},{"resource":"aws_route_table.private","attribute":["id"]},{"resource":"aws_security_group.ecs","attribute":["id"]}],"timestamp":"2026-01-18T12:06:51Z","applyable":true,"complete":true,"errored":false}
