{
  "version": 4,
  "terraform_version": "1.13.5",
  "serial": 1,
  "lineage": "d10ae175-8180-004c-b9f4-23d89c12db4a",
  "outputs": {},
  "resources": [
    {
      "mode": "managed",
      "type": "random_id",
      "name": "suffix",
      "provider": "provider[\"registry.terraform.io/hashicorp/random\"]",
      "instances": [
        {
          "schema_version": 0,
          "attributes": {
            "b64_std": "vxgcUA==",
            "b64_url": "vxgcUA",
            "byte_length": 4,
            "dec": "3206028368",
            "hex": "bf181c50",
            "id": "vxgcUA",
            "keepers": null,
            "prefix": null
          },
          "sensitive_attributes": [],
          "identity_schema_version": 0
        }
      ]
    }
  ],
  "check_results": null
}
