
Terraform used the selected providers to generate the following execution
plan. Resource actions are indicated with the following symbols:
  + create

Terraform will perform the following actions:

  # aws_db_instance.postgres will be created
  + resource "aws_db_instance" "postgres" {
      + address                               = (known after apply)
      + allocated_storage                     = 20
      + apply_immediately                     = false
      + arn                                   = (known after apply)
      + auto_minor_version_upgrade            = true
      + availability_zone                     = (known after apply)
      + backup_retention_period               = 7
      + backup_target                         = (known after apply)
      + backup_window                         = (known after apply)
      + ca_cert_identifier                    = (known after apply)
      + character_set_name                    = (known after apply)
      + copy_tags_to_snapshot                 = false
      + database_insights_mode                = (known after apply)
      + db_name                               = "flinkcdc"
      + db_subnet_group_name                  = "flink-postgres-subnet-group"
      + dedicated_log_volume                  = false
      + delete_automated_backups              = true
      + deletion_protection                   = false
      + domain_fqdn                           = (known after apply)
      + endpoint                              = (known after apply)
      + engine                                = "postgres"
      + engine_lifecycle_support              = (known after apply)
      + engine_version                        = "15.3"
      + engine_version_actual                 = (known after apply)
      + hosted_zone_id                        = (known after apply)
      + id                                    = (known after apply)
      + identifier                            = "flink-postgres"
      + identifier_prefix                     = (known after apply)
      + instance_class                        = "db.t3.micro"
      + iops                                  = (known after apply)
      + kms_key_id                            = (known after apply)
      + latest_restorable_time                = (known after apply)
      + license_model                         = (known after apply)
      + listener_endpoint                     = (known after apply)
      + maintenance_window                    = (known after apply)
      + master_user_secret                    = (known after apply)
      + master_user_secret_kms_key_id         = (known after apply)
      + monitoring_interval                   = 0
      + monitoring_role_arn                   = (known after apply)
      + multi_az                              = (known after apply)
      + nchar_character_set_name              = (known after apply)
      + network_type                          = (known after apply)
      + option_group_name                     = (known after apply)
      + parameter_group_name                  = (known after apply)
      + password                              = (sensitive value)
      + password_wo                           = (write-only attribute)
      + performance_insights_enabled          = false
      + performance_insights_kms_key_id       = (known after apply)
      + performance_insights_retention_period = (known after apply)
      + port                                  = (known after apply)
      + publicly_accessible                   = false
      + region                                = "us-east-1"
      + replica_mode                          = (known after apply)
      + replicas                              = (known after apply)
      + resource_id                           = (known after apply)
      + skip_final_snapshot                   = true
      + snapshot_identifier                   = (known after apply)
      + status                                = (known after apply)
      + storage_encrypted                     = true
      + storage_throughput                    = (known after apply)
      + storage_type                          = (known after apply)
      + tags                                  = {
          + "Name" = "flink-postgres"
        }
      + tags_all                              = {
          + "Name" = "flink-postgres"
        }
      + timezone                              = (known after apply)
      + upgrade_rollout_order                 = (known after apply)
      + username                              = "flinkuser"
      + vpc_security_group_ids                = (known after apply)
    }

  # aws_db_subnet_group.postgres will be created
  + resource "aws_db_subnet_group" "postgres" {
      + arn                     = (known after apply)
      + description             = "Managed by Terraform"
      + id                      = (known after apply)
      + name                    = "flink-postgres-subnet-group"
      + name_prefix             = (known after apply)
      + region                  = "us-east-1"
      + subnet_ids              = (known after apply)
      + supported_network_types = (known after apply)
      + tags_all                = (known after apply)
      + vpc_id                  = (known after apply)
    }

  # aws_eip.nat will be created
  + resource "aws_eip" "nat" {
      + allocation_id        = (known after apply)
      + arn                  = (known after apply)
      + association_id       = (known after apply)
      + carrier_ip           = (known after apply)
      + customer_owned_ip    = (known after apply)
      + domain               = "vpc"
      + id                   = (known after apply)
      + instance             = (known after apply)
      + ipam_pool_id         = (known after apply)
      + network_border_group = (known after apply)
      + network_interface    = (known after apply)
      + private_dns          = (known after apply)
      + private_ip           = (known after apply)
      + ptr_record           = (known after apply)
      + public_dns           = (known after apply)
      + public_ip            = (known after apply)
      + public_ipv4_pool     = (known after apply)
      + region               = "us-east-1"
      + tags_all             = (known after apply)
    }

  # aws_internet_gateway.gw will be created
  + resource "aws_internet_gateway" "gw" {
      + arn      = (known after apply)
      + id       = (known after apply)
      + owner_id = (known after apply)
      + region   = "us-east-1"
      + tags     = {
          + "Name" = "flink-igw"
        }
      + tags_all = {
          + "Name" = "flink-igw"
        }
      + vpc_id   = (known after apply)
    }

  # aws_msk_cluster.kafka will be created
  + resource "aws_msk_cluster" "kafka" {
      + arn                                           = (known after apply)
      + bootstrap_brokers                             = (known after apply)
      + bootstrap_brokers_public_sasl_iam             = (known after apply)
      + bootstrap_brokers_public_sasl_scram           = (known after apply)
      + bootstrap_brokers_public_tls                  = (known after apply)
      + bootstrap_brokers_sasl_iam                    = (known after apply)
      + bootstrap_brokers_sasl_scram                  = (known after apply)
      + bootstrap_brokers_tls                         = (known after apply)
      + bootstrap_brokers_vpc_connectivity_sasl_iam   = (known after apply)
      + bootstrap_brokers_vpc_connectivity_sasl_scram = (known after apply)
      + bootstrap_brokers_vpc_connectivity_tls        = (known after apply)
      + cluster_name                                  = "flink-msk"
      + cluster_uuid                                  = (known after apply)
      + current_version                               = (known after apply)
      + enhanced_monitoring                           = "DEFAULT"
      + id                                            = (known after apply)
      + kafka_version                                 = "3.4.0"
      + number_of_broker_nodes                        = 2
      + region                                        = "us-east-1"
      + storage_mode                                  = (known after apply)
      + tags                                          = {
          + "Name" = "flink-msk"
        }
      + tags_all                                      = {
          + "Name" = "flink-msk"
        }
      + zookeeper_connect_string                      = (known after apply)
      + zookeeper_connect_string_tls                  = (known after apply)

      + broker_node_group_info {
          + az_distribution = "DEFAULT"
          + client_subnets  = (known after apply)
          + instance_type   = "kafka.m5.large"
          + security_groups = (known after apply)

          + connectivity_info (known after apply)

          + storage_info (known after apply)
        }

      + encryption_info {
          + encryption_at_rest_kms_key_arn = (known after apply)

          + encryption_in_transit {
              + client_broker = "TLS"
              + in_cluster    = true
            }
        }

      + rebalancing (known after apply)
    }

  # aws_nat_gateway.nat will be created
  + resource "aws_nat_gateway" "nat" {
      + allocation_id                      = (known after apply)
      + association_id                     = (known after apply)
      + auto_provision_zones               = (known after apply)
      + auto_scaling_ips                   = (known after apply)
      + availability_mode                  = (known after apply)
      + connectivity_type                  = "public"
      + id                                 = (known after apply)
      + network_interface_id               = (known after apply)
      + private_ip                         = (known after apply)
      + public_ip                          = (known after apply)
      + region                             = "us-east-1"
      + regional_nat_gateway_address       = (known after apply)
      + regional_nat_gateway_auto_mode     = (known after apply)
      + route_table_id                     = (known after apply)
      + secondary_allocation_ids           = (known after apply)
      + secondary_private_ip_address_count = (known after apply)
      + secondary_private_ip_addresses     = (known after apply)
      + subnet_id                          = (known after apply)
      + tags                               = {
          + "Name" = "flink-nat-gw"
        }
      + tags_all                           = {
          + "Name" = "flink-nat-gw"
        }
      + vpc_id                             = (known after apply)
    }

  # aws_route.private_nat_gateway will be created
  + resource "aws_route" "private_nat_gateway" {
      + destination_cidr_block = "0.0.0.0/0"
      + id                     = (known after apply)
      + instance_id            = (known after apply)
      + instance_owner_id      = (known after apply)
      + nat_gateway_id         = (known after apply)
      + network_interface_id   = (known after apply)
      + origin                 = (known after apply)
      + region                 = "us-east-1"
      + route_table_id         = (known after apply)
      + state                  = (known after apply)
    }

  # aws_route.public_internet_access will be created
  + resource "aws_route" "public_internet_access" {
      + destination_cidr_block = "0.0.0.0/0"
      + gateway_id             = (known after apply)
      + id                     = (known after apply)
      + instance_id            = (known after apply)
      + instance_owner_id      = (known after apply)
      + network_interface_id   = (known after apply)
      + origin                 = (known after apply)
      + region                 = "us-east-1"
      + route_table_id         = (known after apply)
      + state                  = (known after apply)
    }

  # aws_route_table.private will be created
  + resource "aws_route_table" "private" {
      + arn              = (known after apply)
      + id               = (known after apply)
      + owner_id         = (known after apply)
      + propagating_vgws = (known after apply)
      + region           = "us-east-1"
      + route            = (known after apply)
      + tags             = {
          + "Name" = "flink-private-rt"
        }
      + tags_all         = {
          + "Name" = "flink-private-rt"
        }
      + vpc_id           = (known after apply)
    }

  # aws_route_table.public will be created
  + resource "aws_route_table" "public" {
      + arn              = (known after apply)
      + id               = (known after apply)
      + owner_id         = (known after apply)
      + propagating_vgws = (known after apply)
      + region           = "us-east-1"
      + route            = (known after apply)
      + tags             = {
          + "Name" = "flink-public-rt"
        }
      + tags_all         = {
          + "Name" = "flink-public-rt"
        }
      + vpc_id           = (known after apply)
    }

  # aws_route_table_association.private[0] will be created
  + resource "aws_route_table_association" "private" {
      + id             = (known after apply)
      + region         = "us-east-1"
      + route_table_id = (known after apply)
      + subnet_id      = (known after apply)
    }

  # aws_route_table_association.private[1] will be created
  + resource "aws_route_table_association" "private" {
      + id             = (known after apply)
      + region         = "us-east-1"
      + route_table_id = (known after apply)
      + subnet_id      = (known after apply)
    }

  # aws_route_table_association.public[0] will be created
  + resource "aws_route_table_association" "public" {
      + id             = (known after apply)
      + region         = "us-east-1"
      + route_table_id = (known after apply)
      + subnet_id      = (known after apply)
    }

  # aws_route_table_association.public[1] will be created
  + resource "aws_route_table_association" "public" {
      + id             = (known after apply)
      + region         = "us-east-1"
      + route_table_id = (known after apply)
      + subnet_id      = (known after apply)
    }

  # aws_s3_bucket.flink_output will be created
  + resource "aws_s3_bucket" "flink_output" {
      + acceleration_status         = (known after apply)
      + acl                         = (known after apply)
      + arn                         = (known after apply)
      + bucket                      = "flink-output-bucket"
      + bucket_domain_name          = (known after apply)
      + bucket_prefix               = (known after apply)
      + bucket_region               = (known after apply)
      + bucket_regional_domain_name = (known after apply)
      + force_destroy               = true
      + hosted_zone_id              = (known after apply)
      + id                          = (known after apply)
      + object_lock_enabled         = (known after apply)
      + policy                      = (known after apply)
      + region                      = "us-east-1"
      + request_payer               = (known after apply)
      + tags                        = {
          + "Name" = "flink-output-bucket"
        }
      + tags_all                    = {
          + "Name" = "flink-output-bucket"
        }
      + website_domain              = (known after apply)
      + website_endpoint            = (known after apply)

      + cors_rule (known after apply)

      + grant (known after apply)

      + lifecycle_rule (known after apply)

      + logging (known after apply)

      + object_lock_configuration (known after apply)

      + replication_configuration (known after apply)

      + server_side_encryption_configuration (known after apply)

      + versioning (known after apply)

      + website (known after apply)
    }

  # aws_security_group.allow_internal will be created
  + resource "aws_security_group" "allow_internal" {
      + arn                    = (known after apply)
      + description            = "Allow internal communication"
      + egress                 = [
          + {
              + cidr_blocks      = [
                  + "0.0.0.0/0",
                ]
              + from_port        = 0
              + ipv6_cidr_blocks = []
              + prefix_list_ids  = []
              + protocol         = "-1"
              + security_groups  = []
              + self             = false
              + to_port          = 0
                # (1 unchanged attribute hidden)
            },
        ]
      + id                     = (known after apply)
      + ingress                = [
          + {
              + cidr_blocks      = [
                  + "10.0.0.0/16",
                ]
              + from_port        = 0
              + ipv6_cidr_blocks = []
              + prefix_list_ids  = []
              + protocol         = "-1"
              + security_groups  = []
              + self             = false
              + to_port          = 0
                # (1 unchanged attribute hidden)
            },
        ]
      + name                   = "flink-internal-sg"
      + name_prefix            = (known after apply)
      + owner_id               = (known after apply)
      + region                 = "us-east-1"
      + revoke_rules_on_delete = false
      + tags                   = {
          + "Name" = "flink-internal-sg"
        }
      + tags_all               = {
          + "Name" = "flink-internal-sg"
        }
      + vpc_id                 = (known after apply)
    }

  # aws_subnet.private[0] will be created
  + resource "aws_subnet" "private" {
      + arn                                            = (known after apply)
      + assign_ipv6_address_on_creation                = false
      + availability_zone                              = "us-east-1a"
      + availability_zone_id                           = (known after apply)
      + cidr_block                                     = "10.0.101.0/24"
      + enable_dns64                                   = false
      + enable_resource_name_dns_a_record_on_launch    = false
      + enable_resource_name_dns_aaaa_record_on_launch = false
      + id                                             = (known after apply)
      + ipv6_cidr_block_association_id                 = (known after apply)
      + ipv6_native                                    = false
      + map_public_ip_on_launch                        = false
      + owner_id                                       = (known after apply)
      + private_dns_hostname_type_on_launch            = (known after apply)
      + region                                         = "us-east-1"
      + tags                                           = {
          + "Name" = "flink-private-subnet-1"
        }
      + tags_all                                       = {
          + "Name" = "flink-private-subnet-1"
        }
      + vpc_id                                         = (known after apply)
    }

  # aws_subnet.private[1] will be created
  + resource "aws_subnet" "private" {
      + arn                                            = (known after apply)
      + assign_ipv6_address_on_creation                = false
      + availability_zone                              = "us-east-1b"
      + availability_zone_id                           = (known after apply)
      + cidr_block                                     = "10.0.102.0/24"
      + enable_dns64                                   = false
      + enable_resource_name_dns_a_record_on_launch    = false
      + enable_resource_name_dns_aaaa_record_on_launch = false
      + id                                             = (known after apply)
      + ipv6_cidr_block_association_id                 = (known after apply)
      + ipv6_native                                    = false
      + map_public_ip_on_launch                        = false
      + owner_id                                       = (known after apply)
      + private_dns_hostname_type_on_launch            = (known after apply)
      + region                                         = "us-east-1"
      + tags                                           = {
          + "Name" = "flink-private-subnet-2"
        }
      + tags_all                                       = {
          + "Name" = "flink-private-subnet-2"
        }
      + vpc_id                                         = (known after apply)
    }

  # aws_subnet.public[0] will be created
  + resource "aws_subnet" "public" {
      + arn                                            = (known after apply)
      + assign_ipv6_address_on_creation                = false
      + availability_zone                              = "us-east-1a"
      + availability_zone_id                           = (known after apply)
      + cidr_block                                     = "10.0.1.0/24"
      + enable_dns64                                   = false
      + enable_resource_name_dns_a_record_on_launch    = false
      + enable_resource_name_dns_aaaa_record_on_launch = false
      + id                                             = (known after apply)
      + ipv6_cidr_block_association_id                 = (known after apply)
      + ipv6_native                                    = false
      + map_public_ip_on_launch                        = true
      + owner_id                                       = (known after apply)
      + private_dns_hostname_type_on_launch            = (known after apply)
      + region                                         = "us-east-1"
      + tags                                           = {
          + "Name" = "flink-public-subnet-1"
        }
      + tags_all                                       = {
          + "Name" = "flink-public-subnet-1"
        }
      + vpc_id                                         = (known after apply)
    }

  # aws_subnet.public[1] will be created
  + resource "aws_subnet" "public" {
      + arn                                            = (known after apply)
      + assign_ipv6_address_on_creation                = false
      + availability_zone                              = "us-east-1b"
      + availability_zone_id                           = (known after apply)
      + cidr_block                                     = "10.0.2.0/24"
      + enable_dns64                                   = false
      + enable_resource_name_dns_a_record_on_launch    = false
      + enable_resource_name_dns_aaaa_record_on_launch = false
      + id                                             = (known after apply)
      + ipv6_cidr_block_association_id                 = (known after apply)
      + ipv6_native                                    = false
      + map_public_ip_on_launch                        = true
      + owner_id                                       = (known after apply)
      + private_dns_hostname_type_on_launch            = (known after apply)
      + region                                         = "us-east-1"
      + tags                                           = {
          + "Name" = "flink-public-subnet-2"
        }
      + tags_all                                       = {
          + "Name" = "flink-public-subnet-2"
        }
      + vpc_id                                         = (known after apply)
    }

  # aws_vpc.main will be created
  + resource "aws_vpc" "main" {
      + arn                                  = (known after apply)
      + cidr_block                           = "10.0.0.0/16"
      + default_network_acl_id               = (known after apply)
      + default_route_table_id               = (known after apply)
      + default_security_group_id            = (known after apply)
      + dhcp_options_id                      = (known after apply)
      + enable_dns_hostnames                 = true
      + enable_dns_support                   = true
      + enable_network_address_usage_metrics = (known after apply)
      + id                                   = (known after apply)
      + instance_tenancy                     = "default"
      + ipv6_association_id                  = (known after apply)
      + ipv6_cidr_block                      = (known after apply)
      + ipv6_cidr_block_network_border_group = (known after apply)
      + main_route_table_id                  = (known after apply)
      + owner_id                             = (known after apply)
      + region                               = "us-east-1"
      + tags                                 = {
          + "Name" = "flink-vpc"
        }
      + tags_all                             = {
          + "Name" = "flink-vpc"
        }
    }

Plan: 21 to add, 0 to change, 0 to destroy.

Changes to Outputs:
  + msk_bootstrap_brokers = (known after apply)
  + private_subnets       = [
      + (known after apply),
      + (known after apply),
    ]
  + public_subnets        = [
      + (known after apply),
      + (known after apply),
    ]
  + rds_endpoint          = (known after apply)
  + s3_bucket_arn         = (known after apply)
  + vpc_id                = (known after apply)
aws_vpc.main: Creating...
aws_eip.nat: Creating...
aws_s3_bucket.flink_output: Creating...
aws_eip.nat: Creation complete after 1s [id=eipalloc-9702f43d2f11b802f]
aws_vpc.main: Still creating... [00m10s elapsed]
aws_vpc.main: Creation complete after 11s [id=vpc-3b73f8b77a1992d08]
aws_internet_gateway.gw: Creating...
aws_subnet.public[0]: Creating...
aws_route_table.private: Creating...
aws_route_table.public: Creating...
aws_subnet.private[0]: Creating...
aws_subnet.public[1]: Creating...
aws_subnet.private[1]: Creating...
aws_security_group.allow_internal: Creating...
aws_subnet.private[1]: Creation complete after 0s [id=subnet-9a621782490e44f95]
aws_internet_gateway.gw: Creation complete after 0s [id=igw-e25a49372b17b8f66]
aws_subnet.private[0]: Creation complete after 0s [id=subnet-647581acca7781d0a]
aws_db_subnet_group.postgres: Creating...
aws_route_table.public: Creation complete after 0s [id=rtb-80e829418ab6218cf]
aws_route_table.private: Creation complete after 0s [id=rtb-92698d91c65bac9c1]
aws_route_table_association.private[0]: Creating...
aws_route_table_association.private[1]: Creating...
aws_route.public_internet_access: Creating...
aws_route_table_association.private[0]: Creation complete after 0s [id=rtbassoc-da35a2a0490f0c357]
aws_route_table_association.private[1]: Creation complete after 0s [id=rtbassoc-7804035ac90e37175]
aws_security_group.allow_internal: Creation complete after 0s [id=sg-fe126170762344ef5]
aws_route.public_internet_access: Creation complete after 0s [id=r-rtb-80e829418ab6218cf1080289494]
aws_msk_cluster.kafka: Creating...
aws_db_subnet_group.postgres: Creation complete after 1s [id=flink-postgres-subnet-group]
aws_db_instance.postgres: Creating...
aws_subnet.public[1]: Still creating... [00m10s elapsed]
aws_subnet.public[0]: Still creating... [00m10s elapsed]
aws_subnet.public[1]: Creation complete after 10s [id=subnet-da80ea997f5343888]
aws_subnet.public[0]: Creation complete after 10s [id=subnet-7cf0a9ba69ee7ed97]
aws_route_table_association.public[0]: Creating...
aws_route_table_association.public[1]: Creating...
aws_nat_gateway.nat: Creating...
aws_route_table_association.public[0]: Creation complete after 0s [id=rtbassoc-c146f991124494f42]
aws_route_table_association.public[1]: Creation complete after 0s [id=rtbassoc-0b124b9817ad07067]
aws_nat_gateway.nat: Creation complete after 0s [id=nat-0b6973374866baf1d]
aws_route.private_nat_gateway: Creating...
aws_route.private_nat_gateway: Creation complete after 0s [id=r-rtb-92698d91c65bac9c11080289494]
aws_msk_cluster.kafka: Still creating... [00m10s elapsed]
aws_db_instance.postgres: Still creating... [00m10s elapsed]
aws_msk_cluster.kafka: Still creating... [00m20s elapsed]
aws_db_instance.postgres: Still creating... [00m20s elapsed]
aws_msk_cluster.kafka: Creation complete after 24s [id=arn:aws:kafka:us-east-1:000000000000:cluster/flink-msk/b1556877-50bf-458c-9d78-2f3880e1d770-24]
aws_db_instance.postgres: Still creating... [00m30s elapsed]
aws_db_instance.postgres: Still creating... [00m40s elapsed]
aws_db_instance.postgres: Still creating... [00m50s elapsed]
aws_db_instance.postgres: Still creating... [01m00s elapsed]
aws_db_instance.postgres: Still creating... [01m10s elapsed]
aws_db_instance.postgres: Still creating... [01m20s elapsed]
aws_db_instance.postgres: Creation complete after 1m27s [id=db-55D07194]
