{"format_version":"1.2","terraform_version":"1.13.5","variables":{"aws_region":{"value":"us-east-1"},"azs":{"value":["us-east-1a","us-east-1b"]},"private_subnet_cidrs":{"value":["10.0.101.0/24","10.0.102.0/24"]},"public_subnet_cidrs":{"value":["10.0.1.0/24","10.0.2.0/24"]},"rds_db_name":{"value":"flinkcdc"},"rds_password":{"value":"ai-tf"},"rds_username":{"value":"flinkuser"},"s3_bucket_name":{"value":"flink-output-bucket"},"vpc_cidr":{"value":"10.0.0.0/16"}},"planned_values":{"outputs":{"msk_bootstrap_brokers":{"sensitive":false},"private_subnets":{"sensitive":false},"public_subnets":{"sensitive":false},"rds_endpoint":{"sensitive":false},"s3_bucket_arn":{"sensitive":false},"vpc_id":{"sensitive":false}},"root_module":{"resources":[{"address":"aws_db_instance.postgres","mode":"managed","type":"aws_db_instance","name":"postgres","provider_name":"registry.terraform.io/hashicorp/aws","schema_version":2,"values":{"allocated_storage":20,"allow_major_version_upgrade":null,"apply_immediately":false,"auto_minor_version_upgrade":true,"backup_retention_period":7,"blue_green_update":[],"copy_tags_to_snapshot":false,"custom_iam_instance_profile":null,"customer_owned_ip_enabled":null,"db_name":"flinkcdc","db_subnet_group_name":"flink-postgres-subnet-group","dedicated_log_volume":false,"delete_automated_backups":true,"deletion_protection":false,"domain":null,"domain_auth_secret_arn":null,"domain_dns_ips":null,"domain_iam_role_name":null,"domain_ou":null,"enabled_cloudwatch_logs_exports":null,"engine":"postgres","engine_version":"15.3","final_snapshot_identifier":null,"iam_database_authentication_enabled":null,"identifier":"flink-postgres","instance_class":"db.t3.micro","manage_master_user_password":null,"max_allocated_storage":null,"monitoring_interval":0,"password":"ai-tf","password_wo":null,"password_wo_version":null,"performance_insights_enabled":false,"publicly_accessible":false,"region":"us-east-1","replicate_source_db":null,"restore_to_point_in_time":[],"s3_import":[],"skip_final_snapshot":true,"storage_encrypted":true,"tags":{"Name":"flink-postgres"},"tags_all":{"Name":"flink-postgres"},"timeouts":null,"upgrade_storage_config":null,"username":"flinkuser"},"sensitive_values":{"blue_green_update":[],"listener_endpoint":[],"master_user_secret":[],"password":true,"password_wo":true,"replicas":[],"restore_to_point_in_time":[],"s3_import":[],"tags":{},"tags_all":{},"vpc_security_group_ids":[]}},{"address":"aws_db_subnet_group.postgres","mode":"managed","type":"aws_db_subnet_group","name":"postgres","provider_name":"registry.terraform.io/hashicorp/aws","schema_version":0,"values":{"description":"Managed by Terraform","name":"flink-postgres-subnet-group","region":"us-east-1","tags":null},"sensitive_values":{"subnet_ids":[],"supported_network_types":[],"tags_all":{}}},{"address":"aws_eip.nat","mode":"managed","type":"aws_eip","name":"nat","provider_name":"registry.terraform.io/hashicorp/aws","schema_version":0,"values":{"address":null,"associate_with_private_ip":null,"customer_owned_ipv4_pool":null,"domain":"vpc","region":"us-east-1","tags":null,"timeouts":null},"sensitive_values":{"tags_all":{}}},{"address":"aws_internet_gateway.gw","mode":"managed","type":"aws_internet_gateway","name":"gw","provider_name":"registry.terraform.io/hashicorp/aws","schema_version":0,"values":{"region":"us-east-1","tags":{"Name":"flink-igw"},"tags_all":{"Name":"flink-igw"},"timeouts":null},"sensitive_values":{"tags":{},"tags_all":{}}},{"address":"aws_msk_cluster.kafka","mode":"managed","type":"aws_msk_cluster","name":"kafka","provider_name":"registry.terraform.io/hashicorp/aws","schema_version":0,"values":{"broker_node_group_info":[{"az_distribution":"DEFAULT","instance_type":"kafka.m5.large"}],"client_authentication":[],"cluster_name":"flink-msk","configuration_info":[],"encryption_info":[{"encryption_in_transit":[{"client_broker":"TLS","in_cluster":true}]}],"enhanced_monitoring":"DEFAULT","kafka_version":"3.4.0","logging_info":[],"number_of_broker_nodes":2,"open_monitoring":[],"region":"us-east-1","tags":{"Name":"flink-msk"},"tags_all":{"Name":"flink-msk"},"timeouts":null},"sensitive_values":{"broker_node_group_info":[{"client_subnets":[],"connectivity_info":[],"security_groups":[],"storage_info":[]}],"client_authentication":[],"configuration_info":[],"encryption_info":[{"encryption_in_transit":[{}]}],"logging_info":[],"open_monitoring":[],"rebalancing":[],"tags":{},"tags_all":{}}},{"address":"aws_nat_gateway.nat","mode":"managed","type":"aws_nat_gateway","name":"nat","provider_name":"registry.terraform.io/hashicorp/aws","schema_version":0,"values":{"availability_zone_address":[],"connectivity_type":"public","region":"us-east-1","tags":{"Name":"flink-nat-gw"},"tags_all":{"Name":"flink-nat-gw"},"timeouts":null},"sensitive_values":{"availability_zone_address":[],"regional_nat_gateway_address":[],"secondary_allocation_ids":[],"secondary_private_ip_addresses":[],"tags":{},"tags_all":{}}},{"address":"aws_route.private_nat_gateway","mode":"managed","type":"aws_route","name":"private_nat_gateway","provider_name":"registry.terraform.io/hashicorp/aws","schema_version":0,"values":{"carrier_gateway_id":null,"core_network_arn":null,"destination_cidr_block":"0.0.0.0/0","destination_ipv6_cidr_block":null,"destination_prefix_list_id":null,"egress_only_gateway_id":null,"gateway_id":null,"local_gateway_id":null,"region":"us-east-1","timeouts":null,"transit_gateway_id":null,"vpc_endpoint_id":null,"vpc_peering_connection_id":null},"sensitive_values":{},"identity_schema_version":0,"identity":{"account_id":null,"destination_cidr_block":null,"destination_ipv6_cidr_block":null,"destination_prefix_list_id":null,"region":null,"route_table_id":null}},{"address":"aws_route.public_internet_access","mode":"managed","type":"aws_route","name":"public_internet_access","provider_name":"registry.terraform.io/hashicorp/aws","schema_version":0,"values":{"carrier_gateway_id":null,"core_network_arn":null,"destination_cidr_block":"0.0.0.0/0","destination_ipv6_cidr_block":null,"destination_prefix_list_id":null,"egress_only_gateway_id":null,"local_gateway_id":null,"nat_gateway_id":null,"region":"us-east-1","timeouts":null,"transit_gateway_id":null,"vpc_endpoint_id":null,"vpc_peering_connection_id":null},"sensitive_values":{},"identity_schema_version":0,"identity":{"account_id":null,"destination_cidr_block":null,"destination_ipv6_cidr_block":null,"destination_prefix_list_id":null,"region":null,"route_table_id":null}},{"address":"aws_route_table.private","mode":"managed","type":"aws_route_table","name":"private","provider_name":"registry.terraform.io/hashicorp/aws","schema_version":0,"values":{"region":"us-east-1","tags":{"Name":"flink-private-rt"},"tags_all":{"Name":"flink-private-rt"},"timeouts":null},"sensitive_values":{"propagating_vgws":[],"route":[],"tags":{},"tags_all":{}},"identity_schema_version":0,"identity":{"account_id":null,"id":null,"region":null}},{"address":"aws_route_table.public","mode":"managed","type":"aws_route_table","name":"public","provider_name":"registry.terraform.io/hashicorp/aws","schema_version":0,"values":{"region":"us-east-1","tags":{"Name":"flink-public-rt"},"tags_all":{"Name":"flink-public-rt"},"timeouts":null},"sensitive_values":{"propagating_vgws":[],"route":[],"tags":{},"tags_all":{}},"identity_schema_version":0,"identity":{"account_id":null,"id":null,"region":null}},{"address":"aws_route_table_association.private[0]","mode":"managed","type":"aws_route_table_association","name":"private","index":0,"provider_name":"registry.terraform.io/hashicorp/aws","schema_version":0,"values":{"gateway_id":null,"region":"us-east-1","timeouts":null},"sensitive_values":{}},{"address":"aws_route_table_association.private[1]","mode":"managed","type":"aws_route_table_association","name":"private","index":1,"provider_name":"registry.terraform.io/hashicorp/aws","schema_version":0,"values":{"gateway_id":null,"region":"us-east-1","timeouts":null},"sensitive_values":{}},{"address":"aws_route_table_association.public[0]","mode":"managed","type":"aws_route_table_association","name":"public","index":0,"provider_name":"registry.terraform.io/hashicorp/aws","schema_version":0,"values":{"gateway_id":null,"region":"us-east-1","timeouts":null},"sensitive_values":{}},{"address":"aws_route_table_association.public[1]","mode":"managed","type":"aws_route_table_association","name":"public","index":1,"provider_name":"registry.terraform.io/hashicorp/aws","schema_version":0,"values":{"gateway_id":null,"region":"us-east-1","timeouts":null},"sensitive_values":{}},{"address":"aws_s3_bucket.flink_output","mode":"managed","type":"aws_s3_bucket","name":"flink_output","provider_name":"registry.terraform.io/hashicorp/aws","schema_version":0,"values":{"bucket":"flink-output-bucket","force_destroy":true,"region":"us-east-1","tags":{"Name":"flink-output-bucket"},"tags_all":{"Name":"flink-output-bucket"},"timeouts":null},"sensitive_values":{"cors_rule":[],"grant":[],"lifecycle_rule":[],"logging":[],"object_lock_configuration":[],"replication_configuration":[],"server_side_encryption_configuration":[],"tags":{},"tags_all":{},"versioning":[],"website":[]},"identity_schema_version":0,"identity":{"account_id":null,"bucket":null,"region":null}},{"address":"aws_security_group.allow_internal","mode":"managed","type":"aws_security_group","name":"allow_internal","provider_name":"registry.terraform.io/hashicorp/aws","schema_version":1,"values":{"description":"Allow internal communication","egress":[{"cidr_blocks":["0.0.0.0/0"],"description":"","from_port":0,"ipv6_cidr_blocks":[],"prefix_list_ids":[],"protocol":"-1","security_groups":[],"self":false,"to_port":0}],"ingress":[{"cidr_blocks":["10.0.0.0/16"],"description":"","from_port":0,"ipv6_cidr_blocks":[],"prefix_list_ids":[],"protocol":"-1","security_groups":[],"self":false,"to_port":0}],"name":"flink-internal-sg","region":"us-east-1","revoke_rules_on_delete":false,"tags":{"Name":"flink-internal-sg"},"tags_all":{"Name":"flink-internal-sg"},"timeouts":null},"sensitive_values":{"egress":[{"cidr_blocks":[false],"ipv6_cidr_blocks":[],"prefix_list_ids":[],"security_groups":[]}],"ingress":[{"cidr_blocks":[false],"ipv6_cidr_blocks":[],"prefix_list_ids":[],"security_groups":[]}],"tags":{},"tags_all":{}},"identity_schema_version":0,"identity":{"account_id":null,"id":null,"region":null}},{"address":"aws_subnet.private[0]","mode":"managed","type":"aws_subnet","name":"private","index":0,"provider_name":"registry.terraform.io/hashicorp/aws","schema_version":1,"values":{"assign_ipv6_address_on_creation":false,"availability_zone":"us-east-1a","cidr_block":"10.0.101.0/24","customer_owned_ipv4_pool":null,"enable_dns64":false,"enable_lni_at_device_index":null,"enable_resource_name_dns_a_record_on_launch":false,"enable_resource_name_dns_aaaa_record_on_launch":false,"ipv6_cidr_block":null,"ipv6_native":false,"map_customer_owned_ip_on_launch":null,"map_public_ip_on_launch":false,"outpost_arn":null,"region":"us-east-1","tags":{"Name":"flink-private-subnet-1"},"tags_all":{"Name":"flink-private-subnet-1"},"timeouts":null},"sensitive_values":{"tags":{},"tags_all":{}},"identity_schema_version":0,"identity":{"account_id":null,"id":null,"region":null}},{"address":"aws_subnet.private[1]","mode":"managed","type":"aws_subnet","name":"private","index":1,"provider_name":"registry.terraform.io/hashicorp/aws","schema_version":1,"values":{"assign_ipv6_address_on_creation":false,"availability_zone":"us-east-1b","cidr_block":"10.0.102.0/24","customer_owned_ipv4_pool":null,"enable_dns64":false,"enable_lni_at_device_index":null,"enable_resource_name_dns_a_record_on_launch":false,"enable_resource_name_dns_aaaa_record_on_launch":false,"ipv6_cidr_block":null,"ipv6_native":false,"map_customer_owned_ip_on_launch":null,"map_public_ip_on_launch":false,"outpost_arn":null,"region":"us-east-1","tags":{"Name":"flink-private-subnet-2"},"tags_all":{"Name":"flink-private-subnet-2"},"timeouts":null},"sensitive_values":{"tags":{},"tags_all":{}},"identity_schema_version":0,"identity":{"account_id":null,"id":null,"region":null}},{"address":"aws_subnet.public[0]","mode":"managed","type":"aws_subnet","name":"public","index":0,"provider_name":"registry.terraform.io/hashicorp/aws","schema_version":1,"values":{"assign_ipv6_address_on_creation":false,"availability_zone":"us-east-1a","cidr_block":"10.0.1.0/24","customer_owned_ipv4_pool":null,"enable_dns64":false,"enable_lni_at_device_index":null,"enable_resource_name_dns_a_record_on_launch":false,"enable_resource_name_dns_aaaa_record_on_launch":false,"ipv6_cidr_block":null,"ipv6_native":false,"map_customer_owned_ip_on_launch":null,"map_public_ip_on_launch":true,"outpost_arn":null,"region":"us-east-1","tags":{"Name":"flink-public-subnet-1"},"tags_all":{"Name":"flink-public-subnet-1"},"timeouts":null},"sensitive_values":{"tags":{},"tags_all":{}},"identity_schema_version":0,"identity":{"account_id":null,"id":null,"region":null}},{"address":"aws_subnet.public[1]","mode":"managed","type":"aws_subnet","name":"public","index":1,"provider_name":"registry.terraform.io/hashicorp/aws","schema_version":1,"values":{"assign_ipv6_address_on_creation":false,"availability_zone":"us-east-1b","cidr_block":"10.0.2.0/24","customer_owned_ipv4_pool":null,"enable_dns64":false,"enable_lni_at_device_index":null,"enable_resource_name_dns_a_record_on_launch":false,"enable_resource_name_dns_aaaa_record_on_launch":false,"ipv6_cidr_block":null,"ipv6_native":false,"map_customer_owned_ip_on_launch":null,"map_public_ip_on_launch":true,"outpost_arn":null,"region":"us-east-1","tags":{"Name":"flink-public-subnet-2"},"tags_all":{"Name":"flink-public-subnet-2"},"timeouts":null},"sensitive_values":{"tags":{},"tags_all":{}},"identity_schema_version":0,"identity":{"account_id":null,"id":null,"region":null}},{"address":"aws_vpc.main","mode":"managed","type":"aws_vpc","name":"main","provider_name":"registry.terraform.io/hashicorp/aws","schema_version":1,"values":{"assign_generated_ipv6_cidr_block":null,"cidr_block":"10.0.0.0/16","enable_dns_hostnames":true,"enable_dns_support":true,"instance_tenancy":"default","ipv4_ipam_pool_id":null,"ipv4_netmask_length":null,"ipv6_ipam_pool_id":null,"ipv6_netmask_length":null,"region":"us-east-1","tags":{"Name":"flink-vpc"},"tags_all":{"Name":"flink-vpc"}},"sensitive_values":{"tags":{},"tags_all":{}},"identity_schema_version":0,"identity":{"account_id":null,"id":null,"region":null}}]}},"resource_changes":[{"address":"aws_db_instance.postgres","mode":"managed","type":"aws_db_instance","name":"postgres","provider_name":"registry.terraform.io/hashicorp/aws","change":{"actions":["create"],"before":null,"after":{"allocated_storage":20,"allow_major_version_upgrade":null,"apply_immediately":false,"auto_minor_version_upgrade":true,"backup_retention_period":7,"blue_green_update":[],"copy_tags_to_snapshot":false,"custom_iam_instance_profile":null,"customer_owned_ip_enabled":null,"db_name":"flinkcdc","db_subnet_group_name":"flink-postgres-subnet-group","dedicated_log_volume":false,"delete_automated_backups":true,"deletion_protection":false,"domain":null,"domain_auth_secret_arn":null,"domain_dns_ips":null,"domain_iam_role_name":null,"domain_ou":null,"enabled_cloudwatch_logs_exports":null,"engine":"postgres","engine_version":"15.3","final_snapshot_identifier":null,"iam_database_authentication_enabled":null,"identifier":"flink-postgres","instance_class":"db.t3.micro","manage_master_user_password":null,"max_allocated_storage":null,"monitoring_interval":0,"password":"ai-tf","password_wo":null,"password_wo_version":null,"performance_insights_enabled":false,"publicly_accessible":false,"region":"us-east-1","replicate_source_db":null,"restore_to_point_in_time":[],"s3_import":[],"skip_final_snapshot":true,"storage_encrypted":true,"tags":{"Name":"flink-postgres"},"tags_all":{"Name":"flink-postgres"},"timeouts":null,"upgrade_storage_config":null,"username":"flinkuser"},"after_unknown":{"address":true,"arn":true,"availability_zone":true,"backup_target":true,"backup_window":true,"blue_green_update":[],"ca_cert_identifier":true,"character_set_name":true,"database_insights_mode":true,"domain_fqdn":true,"endpoint":true,"engine_lifecycle_support":true,"engine_version_actual":true,"hosted_zone_id":true,"id":true,"identifier_prefix":true,"iops":true,"kms_key_id":true,"latest_restorable_time":true,"license_model":true,"listener_endpoint":true,"maintenance_window":true,"master_user_secret":true,"master_user_secret_kms_key_id":true,"monitoring_role_arn":true,"multi_az":true,"nchar_character_set_name":true,"network_type":true,"option_group_name":true,"parameter_group_name":true,"performance_insights_kms_key_id":true,"performance_insights_retention_period":true,"port":true,"replica_mode":true,"replicas":true,"resource_id":true,"restore_to_point_in_time":[],"s3_import":[],"snapshot_identifier":true,"status":true,"storage_throughput":true,"storage_type":true,"tags":{},"tags_all":{},"timezone":true,"upgrade_rollout_order":true,"vpc_security_group_ids":true},"before_sensitive":false,"after_sensitive":{"blue_green_update":[],"listener_endpoint":[],"master_user_secret":[],"password":true,"password_wo":true,"replicas":[],"restore_to_point_in_time":[],"s3_import":[],"tags":{},"tags_all":{},"vpc_security_group_ids":[]}}},{"address":"aws_db_subnet_group.postgres","mode":"managed","type":"aws_db_subnet_group","name":"postgres","provider_name":"registry.terraform.io/hashicorp/aws","change":{"actions":["create"],"before":null,"after":{"description":"Managed by Terraform","name":"flink-postgres-subnet-group","region":"us-east-1","tags":null},"after_unknown":{"arn":true,"id":true,"name_prefix":true,"subnet_ids":true,"supported_network_types":true,"tags_all":true,"vpc_id":true},"before_sensitive":false,"after_sensitive":{"subnet_ids":[],"supported_network_types":[],"tags_all":{}}}},{"address":"aws_eip.nat","mode":"managed","type":"aws_eip","name":"nat","provider_name":"registry.terraform.io/hashicorp/aws","change":{"actions":["create"],"before":null,"after":{"address":null,"associate_with_private_ip":null,"customer_owned_ipv4_pool":null,"domain":"vpc","region":"us-east-1","tags":null,"timeouts":null},"after_unknown":{"allocation_id":true,"arn":true,"association_id":true,"carrier_ip":true,"customer_owned_ip":true,"id":true,"instance":true,"ipam_pool_id":true,"network_border_group":true,"network_interface":true,"private_dns":true,"private_ip":true,"ptr_record":true,"public_dns":true,"public_ip":true,"public_ipv4_pool":true,"tags_all":true},"before_sensitive":false,"after_sensitive":{"tags_all":{}}}},{"address":"aws_internet_gateway.gw","mode":"managed","type":"aws_internet_gateway","name":"gw","provider_name":"registry.terraform.io/hashicorp/aws","change":{"actions":["create"],"before":null,"after":{"region":"us-east-1","tags":{"Name":"flink-igw"},"tags_all":{"Name":"flink-igw"},"timeouts":null},"after_unknown":{"arn":true,"id":true,"owner_id":true,"tags":{},"tags_all":{},"vpc_id":true},"before_sensitive":false,"after_sensitive":{"tags":{},"tags_all":{}}}},{"address":"aws_msk_cluster.kafka","mode":"managed","type":"aws_msk_cluster","name":"kafka","provider_name":"registry.terraform.io/hashicorp/aws","change":{"actions":["create"],"before":null,"after":{"broker_node_group_info":[{"az_distribution":"DEFAULT","instance_type":"kafka.m5.large"}],"client_authentication":[],"cluster_name":"flink-msk","configuration_info":[],"encryption_info":[{"encryption_in_transit":[{"client_broker":"TLS","in_cluster":true}]}],"enhanced_monitoring":"DEFAULT","kafka_version":"3.4.0","logging_info":[],"number_of_broker_nodes":2,"open_monitoring":[],"region":"us-east-1","tags":{"Name":"flink-msk"},"tags_all":{"Name":"flink-msk"},"timeouts":null},"after_unknown":{"arn":true,"bootstrap_brokers":true,"bootstrap_brokers_public_sasl_iam":true,"bootstrap_brokers_public_sasl_scram":true,"bootstrap_brokers_public_tls":true,"bootstrap_brokers_sasl_iam":true,"bootstrap_brokers_sasl_scram":true,"bootstrap_brokers_tls":true,"bootstrap_brokers_vpc_connectivity_sasl_iam":true,"bootstrap_brokers_vpc_connectivity_sasl_scram":true,"bootstrap_brokers_vpc_connectivity_tls":true,"broker_node_group_info":[{"client_subnets":true,"connectivity_info":true,"security_groups":true,"storage_info":true}],"client_authentication":[],"cluster_uuid":true,"configuration_info":[],"current_version":true,"encryption_info":[{"encryption_at_rest_kms_key_arn":true,"encryption_in_transit":[{}]}],"id":true,"logging_info":[],"open_monitoring":[],"rebalancing":true,"storage_mode":true,"tags":{},"tags_all":{},"zookeeper_connect_string":true,"zookeeper_connect_string_tls":true},"before_sensitive":false,"after_sensitive":{"broker_node_group_info":[{"client_subnets":[],"connectivity_info":[],"security_groups":[],"storage_info":[]}],"client_authentication":[],"configuration_info":[],"encryption_info":[{"encryption_in_transit":[{}]}],"logging_info":[],"open_monitoring":[],"rebalancing":[],"tags":{},"tags_all":{}}}},{"address":"aws_nat_gateway.nat","mode":"managed","type":"aws_nat_gateway","name":"nat","provider_name":"registry.terraform.io/hashicorp/aws","change":{"actions":["create"],"before":null,"after":{"availability_zone_address":[],"connectivity_type":"public","region":"us-east-1","tags":{"Name":"flink-nat-gw"},"tags_all":{"Name":"flink-nat-gw"},"timeouts":null},"after_unknown":{"allocation_id":true,"association_id":true,"auto_provision_zones":true,"auto_scaling_ips":true,"availability_mode":true,"availability_zone_address":[],"id":true,"network_interface_id":true,"private_ip":true,"public_ip":true,"regional_nat_gateway_address":true,"regional_nat_gateway_auto_mode":true,"route_table_id":true,"secondary_allocation_ids":true,"secondary_private_ip_address_count":true,"secondary_private_ip_addresses":true,"subnet_id":true,"tags":{},"tags_all":{},"vpc_id":true},"before_sensitive":false,"after_sensitive":{"availability_zone_address":[],"regional_nat_gateway_address":[],"secondary_allocation_ids":[],"secondary_private_ip_addresses":[],"tags":{},"tags_all":{}}}},{"address":"aws_route.private_nat_gateway","mode":"managed","type":"aws_route","name":"private_nat_gateway","provider_name":"registry.terraform.io/hashicorp/aws","change":{"actions":["create"],"before":null,"after":{"carrier_gateway_id":null,"core_network_arn":null,"destination_cidr_block":"0.0.0.0/0","destination_ipv6_cidr_block":null,"destination_prefix_list_id":null,"egress_only_gateway_id":null,"gateway_id":null,"local_gateway_id":null,"region":"us-east-1","timeouts":null,"transit_gateway_id":null,"vpc_endpoint_id":null,"vpc_peering_connection_id":null},"after_unknown":{"id":true,"instance_id":true,"instance_owner_id":true,"nat_gateway_id":true,"network_interface_id":true,"origin":true,"route_table_id":true,"state":true},"before_sensitive":false,"after_sensitive":{},"after_identity":{"account_id":null,"destination_cidr_block":null,"destination_ipv6_cidr_block":null,"destination_prefix_list_id":null,"region":null,"route_table_id":null}}},{"address":"aws_route.public_internet_access","mode":"managed","type":"aws_route","name":"public_internet_access","provider_name":"registry.terraform.io/hashicorp/aws","change":{"actions":["create"],"before":null,"after":{"carrier_gateway_id":null,"core_network_arn":null,"destination_cidr_block":"0.0.0.0/0","destination_ipv6_cidr_block":null,"destination_prefix_list_id":null,"egress_only_gateway_id":null,"local_gateway_id":null,"nat_gateway_id":null,"region":"us-east-1","timeouts":null,"transit_gateway_id":null,"vpc_endpoint_id":null,"vpc_peering_connection_id":null},"after_unknown":{"gateway_id":true,"id":true,"instance_id":true,"instance_owner_id":true,"network_interface_id":true,"origin":true,"route_table_id":true,"state":true},"before_sensitive":false,"after_sensitive":{},"after_identity":{"account_id":null,"destination_cidr_block":null,"destination_ipv6_cidr_block":null,"destination_prefix_list_id":null,"region":null,"route_table_id":null}}},{"address":"aws_route_table.private","mode":"managed","type":"aws_route_table","name":"private","provider_name":"registry.terraform.io/hashicorp/aws","change":{"actions":["create"],"before":null,"after":{"region":"us-east-1","tags":{"Name":"flink-private-rt"},"tags_all":{"Name":"flink-private-rt"},"timeouts":null},"after_unknown":{"arn":true,"id":true,"owner_id":true,"propagating_vgws":true,"route":true,"tags":{},"tags_all":{},"vpc_id":true},"before_sensitive":false,"after_sensitive":{"propagating_vgws":[],"route":[],"tags":{},"tags_all":{}},"after_identity":{"account_id":null,"id":null,"region":null}}},{"address":"aws_route_table.public","mode":"managed","type":"aws_route_table","name":"public","provider_name":"registry.terraform.io/hashicorp/aws","change":{"actions":["create"],"before":null,"after":{"region":"us-east-1","tags":{"Name":"flink-public-rt"},"tags_all":{"Name":"flink-public-rt"},"timeouts":null},"after_unknown":{"arn":true,"id":true,"owner_id":true,"propagating_vgws":true,"route":true,"tags":{},"tags_all":{},"vpc_id":true},"before_sensitive":false,"after_sensitive":{"propagating_vgws":[],"route":[],"tags":{},"tags_all":{}},"after_identity":{"account_id":null,"id":null,"region":null}}},{"address":"aws_route_table_association.private[0]","mode":"managed","type":"aws_route_table_association","name":"private","index":0,"provider_name":"registry.terraform.io/hashicorp/aws","change":{"actions":["create"],"before":null,"after":{"gateway_id":null,"region":"us-east-1","timeouts":null},"after_unknown":{"id":true,"route_table_id":true,"subnet_id":true},"before_sensitive":false,"after_sensitive":{}}},{"address":"aws_route_table_association.private[1]","mode":"managed","type":"aws_route_table_association","name":"private","index":1,"provider_name":"registry.terraform.io/hashicorp/aws","change":{"actions":["create"],"before":null,"after":{"gateway_id":null,"region":"us-east-1","timeouts":null},"after_unknown":{"id":true,"route_table_id":true,"subnet_id":true},"before_sensitive":false,"after_sensitive":{}}},{"address":"aws_route_table_association.public[0]","mode":"managed","type":"aws_route_table_association","name":"public","index":0,"provider_name":"registry.terraform.io/hashicorp/aws","change":{"actions":["create"],"before":null,"after":{"gateway_id":null,"region":"us-east-1","timeouts":null},"after_unknown":{"id":true,"route_table_id":true,"subnet_id":true},"before_sensitive":false,"after_sensitive":{}}},{"address":"aws_route_table_association.public[1]","mode":"managed","type":"aws_route_table_association","name":"public","index":1,"provider_name":"registry.terraform.io/hashicorp/aws","change":{"actions":["create"],"before":null,"after":{"gateway_id":null,"region":"us-east-1","timeouts":null},"after_unknown":{"id":true,"route_table_id":true,"subnet_id":true},"before_sensitive":false,"after_sensitive":{}}},{"address":"aws_s3_bucket.flink_output","mode":"managed","type":"aws_s3_bucket","name":"flink_output","provider_name":"registry.terraform.io/hashicorp/aws","change":{"actions":["create"],"before":null,"after":{"bucket":"flink-output-bucket","force_destroy":true,"region":"us-east-1","tags":{"Name":"flink-output-bucket"},"tags_all":{"Name":"flink-output-bucket"},"timeouts":null},"after_unknown":{"acceleration_status":true,"acl":true,"arn":true,"bucket_domain_name":true,"bucket_prefix":true,"bucket_region":true,"bucket_regional_domain_name":true,"cors_rule":true,"grant":true,"hosted_zone_id":true,"id":true,"lifecycle_rule":true,"logging":true,"object_lock_configuration":true,"object_lock_enabled":true,"policy":true,"replication_configuration":true,"request_payer":true,"server_side_encryption_configuration":true,"tags":{},"tags_all":{},"versioning":true,"website":true,"website_domain":true,"website_endpoint":true},"before_sensitive":false,"after_sensitive":{"cors_rule":[],"grant":[],"lifecycle_rule":[],"logging":[],"object_lock_configuration":[],"replication_configuration":[],"server_side_encryption_configuration":[],"tags":{},"tags_all":{},"versioning":[],"website":[]},"after_identity":{"account_id":null,"bucket":null,"region":null}}},{"address":"aws_security_group.allow_internal","mode":"managed","type":"aws_security_group","name":"allow_internal","provider_name":"registry.terraform.io/hashicorp/aws","change":{"actions":["create"],"before":null,"after":{"description":"Allow internal communication","egress":[{"cidr_blocks":["0.0.0.0/0"],"description":"","from_port":0,"ipv6_cidr_blocks":[],"prefix_list_ids":[],"protocol":"-1","security_groups":[],"self":false,"to_port":0}],"ingress":[{"cidr_blocks":["10.0.0.0/16"],"description":"","from_port":0,"ipv6_cidr_blocks":[],"prefix_list_ids":[],"protocol":"-1","security_groups":[],"self":false,"to_port":0}],"name":"flink-internal-sg","region":"us-east-1","revoke_rules_on_delete":false,"tags":{"Name":"flink-internal-sg"},"tags_all":{"Name":"flink-internal-sg"},"timeouts":null},"after_unknown":{"arn":true,"egress":[{"cidr_blocks":[false],"ipv6_cidr_blocks":[],"prefix_list_ids":[],"security_groups":[]}],"id":true,"ingress":[{"cidr_blocks":[false],"ipv6_cidr_blocks":[],"prefix_list_ids":[],"security_groups":[]}],"name_prefix":true,"owner_id":true,"tags":{},"tags_all":{},"vpc_id":true},"before_sensitive":false,"after_sensitive":{"egress":[{"cidr_blocks":[false],"ipv6_cidr_blocks":[],"prefix_list_ids":[],"security_groups":[]}],"ingress":[{"cidr_blocks":[false],"ipv6_cidr_blocks":[],"prefix_list_ids":[],"security_groups":[]}],"tags":{},"tags_all":{}},"after_identity":{"account_id":null,"id":null,"region":null}}},{"address":"aws_subnet.private[0]","mode":"managed","type":"aws_subnet","name":"private","index":0,"provider_name":"registry.terraform.io/hashicorp/aws","change":{"actions":["create"],"before":null,"after":{"assign_ipv6_address_on_creation":false,"availability_zone":"us-east-1a","cidr_block":"10.0.101.0/24","customer_owned_ipv4_pool":null,"enable_dns64":false,"enable_lni_at_device_index":null,"enable_resource_name_dns_a_record_on_launch":false,"enable_resource_name_dns_aaaa_record_on_launch":false,"ipv6_cidr_block":null,"ipv6_native":false,"map_customer_owned_ip_on_launch":null,"map_public_ip_on_launch":false,"outpost_arn":null,"region":"us-east-1","tags":{"Name":"flink-private-subnet-1"},"tags_all":{"Name":"flink-private-subnet-1"},"timeouts":null},"after_unknown":{"arn":true,"availability_zone_id":true,"id":true,"ipv6_cidr_block_association_id":true,"owner_id":true,"private_dns_hostname_type_on_launch":true,"tags":{},"tags_all":{},"vpc_id":true},"before_sensitive":false,"after_sensitive":{"tags":{},"tags_all":{}},"after_identity":{"account_id":null,"id":null,"region":null}}},{"address":"aws_subnet.private[1]","mode":"managed","type":"aws_subnet","name":"private","index":1,"provider_name":"registry.terraform.io/hashicorp/aws","change":{"actions":["create"],"before":null,"after":{"assign_ipv6_address_on_creation":false,"availability_zone":"us-east-1b","cidr_block":"10.0.102.0/24","customer_owned_ipv4_pool":null,"enable_dns64":false,"enable_lni_at_device_index":null,"enable_resource_name_dns_a_record_on_launch":false,"enable_resource_name_dns_aaaa_record_on_launch":false,"ipv6_cidr_block":null,"ipv6_native":false,"map_customer_owned_ip_on_launch":null,"map_public_ip_on_launch":false,"outpost_arn":null,"region":"us-east-1","tags":{"Name":"flink-private-subnet-2"},"tags_all":{"Name":"flink-private-subnet-2"},"timeouts":null},"after_unknown":{"arn":true,"availability_zone_id":true,"id":true,"ipv6_cidr_block_association_id":true,"owner_id":true,"private_dns_hostname_type_on_launch":true,"tags":{},"tags_all":{},"vpc_id":true},"before_sensitive":false,"after_sensitive":{"tags":{},"tags_all":{}},"after_identity":{"account_id":null,"id":null,"region":null}}},{"address":"aws_subnet.public[0]","mode":"managed","type":"aws_subnet","name":"public","index":0,"provider_name":"registry.terraform.io/hashicorp/aws","change":{"actions":["create"],"before":null,"after":{"assign_ipv6_address_on_creation":false,"availability_zone":"us-east-1a","cidr_block":"10.0.1.0/24","customer_owned_ipv4_pool":null,"enable_dns64":false,"enable_lni_at_device_index":null,"enable_resource_name_dns_a_record_on_launch":false,"enable_resource_name_dns_aaaa_record_on_launch":false,"ipv6_cidr_block":null,"ipv6_native":false,"map_customer_owned_ip_on_launch":null,"map_public_ip_on_launch":true,"outpost_arn":null,"region":"us-east-1","tags":{"Name":"flink-public-subnet-1"},"tags_all":{"Name":"flink-public-subnet-1"},"timeouts":null},"after_unknown":{"arn":true,"availability_zone_id":true,"id":true,"ipv6_cidr_block_association_id":true,"owner_id":true,"private_dns_hostname_type_on_launch":true,"tags":{},"tags_all":{},"vpc_id":true},"before_sensitive":false,"after_sensitive":{"tags":{},"tags_all":{}},"after_identity":{"account_id":null,"id":null,"region":null}}},{"address":"aws_subnet.public[1]","mode":"managed","type":"aws_subnet","name":"public","index":1,"provider_name":"registry.terraform.io/hashicorp/aws","change":{"actions":["create"],"before":null,"after":{"assign_ipv6_address_on_creation":false,"availability_zone":"us-east-1b","cidr_block":"10.0.2.0/24","customer_owned_ipv4_pool":null,"enable_dns64":false,"enable_lni_at_device_index":null,"enable_resource_name_dns_a_record_on_launch":false,"enable_resource_name_dns_aaaa_record_on_launch":false,"ipv6_cidr_block":null,"ipv6_native":false,"map_customer_owned_ip_on_launch":null,"map_public_ip_on_launch":true,"outpost_arn":null,"region":"us-east-1","tags":{"Name":"flink-public-subnet-2"},"tags_all":{"Name":"flink-public-subnet-2"},"timeouts":null},"after_unknown":{"arn":true,"availability_zone_id":true,"id":true,"ipv6_cidr_block_association_id":true,"owner_id":true,"private_dns_hostname_type_on_launch":true,"tags":{},"tags_all":{},"vpc_id":true},"before_sensitive":false,"after_sensitive":{"tags":{},"tags_all":{}},"after_identity":{"account_id":null,"id":null,"region":null}}},{"address":"aws_vpc.main","mode":"managed","type":"aws_vpc","name":"main","provider_name":"registry.terraform.io/hashicorp/aws","change":{"actions":["create"],"before":null,"after":{"assign_generated_ipv6_cidr_block":null,"cidr_block":"10.0.0.0/16","enable_dns_hostnames":true,"enable_dns_support":true,"instance_tenancy":"default","ipv4_ipam_pool_id":null,"ipv4_netmask_length":null,"ipv6_ipam_pool_id":null,"ipv6_netmask_length":null,"region":"us-east-1","tags":{"Name":"flink-vpc"},"tags_all":{"Name":"flink-vpc"}},"after_unknown":{"arn":true,"default_network_acl_id":true,"default_route_table_id":true,"default_security_group_id":true,"dhcp_options_id":true,"enable_network_address_usage_metrics":true,"id":true,"ipv6_association_id":true,"ipv6_cidr_block":true,"ipv6_cidr_block_network_border_group":true,"main_route_table_id":true,"owner_id":true,"tags":{},"tags_all":{}},"before_sensitive":false,"after_sensitive":{"tags":{},"tags_all":{}},"after_identity":{"account_id":null,"id":null,"region":null}}}],"output_changes":{"msk_bootstrap_brokers":{"actions":["create"],"before":null,"after_unknown":true,"before_sensitive":false,"after_sensitive":false},"private_subnets":{"actions":["create"],"before":null,"after":[null,null],"after_unknown":[true,true],"before_sensitive":false,"after_sensitive":false},"public_subnets":{"actions":["create"],"before":null,"after":[null,null],"after_unknown":[true,true],"before_sensitive":false,"after_sensitive":false},"rds_endpoint":{"actions":["create"],"before":null,"after_unknown":true,"before_sensitive":false,"after_sensitive":false},"s3_bucket_arn":{"actions":["create"],"before":null,"after_unknown":true,"before_sensitive":false,"after_sensitive":false},"vpc_id":{"actions":["create"],"before":null,"after_unknown":true,"before_sensitive":false,"after_sensitive":false}},"configuration":{"provider_config":{"aws":{"name":"aws","full_name":"registry.terraform.io/hashicorp/aws","version_constraint":"\u003e= 5.0.0","expressions":{"region":{"references":["var.aws_region"]}}}},"root_module":{"outputs":{"msk_bootstrap_brokers":{"expression":{"references":["aws_msk_cluster.kafka.bootstrap_brokers","aws_msk_cluster.kafka"]}},"private_subnets":{"expression":{"references":["aws_subnet.private"]}},"public_subnets":{"expression":{"references":["aws_subnet.public"]}},"rds_endpoint":{"expression":{"references":["aws_db_instance.postgres.endpoint","aws_db_instance.postgres"]}},"s3_bucket_arn":{"expression":{"references":["aws_s3_bucket.flink_output.arn","aws_s3_bucket.flink_output"]}},"vpc_id":{"expression":{"references":["aws_vpc.main.id","aws_vpc.main"]}}},"resources":[{"address":"aws_db_instance.postgres","mode":"managed","type":"aws_db_instance","name":"postgres","provider_config_key":"aws","expressions":{"allocated_storage":{"constant_value":20},"backup_retention_period":{"constant_value":7},"db_name":{"references":["var.rds_db_name"]},"db_subnet_group_name":{"references":["aws_db_subnet_group.postgres.name","aws_db_subnet_group.postgres"]},"deletion_protection":{"constant_value":false},"engine":{"constant_value":"postgres"},"engine_version":{"constant_value":"15.3"},"identifier":{"constant_value":"flink-postgres"},"instance_class":{"constant_value":"db.t3.micro"},"password":{"references":["var.rds_password"]},"publicly_accessible":{"constant_value":false},"skip_final_snapshot":{"constant_value":true},"storage_encrypted":{"constant_value":true},"tags":{"constant_value":{"Name":"flink-postgres"}},"username":{"references":["var.rds_username"]},"vpc_security_group_ids":{"references":["aws_security_group.allow_internal.id","aws_security_group.allow_internal"]}},"schema_version":2},{"address":"aws_db_subnet_group.postgres","mode":"managed","type":"aws_db_subnet_group","name":"postgres","provider_config_key":"aws","expressions":{"name":{"constant_value":"flink-postgres-subnet-group"},"subnet_ids":{"references":["aws_subnet.private"]}},"schema_version":0},{"address":"aws_eip.nat","mode":"managed","type":"aws_eip","name":"nat","provider_config_key":"aws","expressions":{"domain":{"constant_value":"vpc"}},"schema_version":0},{"address":"aws_internet_gateway.gw","mode":"managed","type":"aws_internet_gateway","name":"gw","provider_config_key":"aws","expressions":{"tags":{"constant_value":{"Name":"flink-igw"}},"vpc_id":{"references":["aws_vpc.main.id","aws_vpc.main"]}},"schema_version":0},{"address":"aws_msk_cluster.kafka","mode":"managed","type":"aws_msk_cluster","name":"kafka","provider_config_key":"aws","expressions":{"broker_node_group_info":[{"client_subnets":{"references":["aws_subnet.private"]},"instance_type":{"constant_value":"kafka.m5.large"},"security_groups":{"references":["aws_security_group.allow_internal.id","aws_security_group.allow_internal"]}}],"cluster_name":{"constant_value":"flink-msk"},"encryption_info":[{"encryption_in_transit":[{"client_broker":{"constant_value":"TLS"},"in_cluster":{"constant_value":true}}]}],"kafka_version":{"constant_value":"3.4.0"},"number_of_broker_nodes":{"constant_value":2},"tags":{"constant_value":{"Name":"flink-msk"}}},"schema_version":0},{"address":"aws_nat_gateway.nat","mode":"managed","type":"aws_nat_gateway","name":"nat","provider_config_key":"aws","expressions":{"allocation_id":{"references":["aws_eip.nat.id","aws_eip.nat"]},"subnet_id":{"references":["aws_subnet.public[0].id","aws_subnet.public[0]","aws_subnet.public"]},"tags":{"constant_value":{"Name":"flink-nat-gw"}}},"schema_version":0},{"address":"aws_route.private_nat_gateway","mode":"managed","type":"aws_route","name":"private_nat_gateway","provider_config_key":"aws","expressions":{"destination_cidr_block":{"constant_value":"0.0.0.0/0"},"nat_gateway_id":{"references":["aws_nat_gateway.nat.id","aws_nat_gateway.nat"]},"route_table_id":{"references":["aws_route_table.private.id","aws_route_table.private"]}},"schema_version":0},{"address":"aws_route.public_internet_access","mode":"managed","type":"aws_route","name":"public_internet_access","provider_config_key":"aws","expressions":{"destination_cidr_block":{"constant_value":"0.0.0.0/0"},"gateway_id":{"references":["aws_internet_gateway.gw.id","aws_internet_gateway.gw"]},"route_table_id":{"references":["aws_route_table.public.id","aws_route_table.public"]}},"schema_version":0},{"address":"aws_route_table.private","mode":"managed","type":"aws_route_table","name":"private","provider_config_key":"aws","expressions":{"tags":{"constant_value":{"Name":"flink-private-rt"}},"vpc_id":{"references":["aws_vpc.main.id","aws_vpc.main"]}},"schema_version":0},{"address":"aws_route_table.public","mode":"managed","type":"aws_route_table","name":"public","provider_config_key":"aws","expressions":{"tags":{"constant_value":{"Name":"flink-public-rt"}},"vpc_id":{"references":["aws_vpc.main.id","aws_vpc.main"]}},"schema_version":0},{"address":"aws_route_table_association.private","mode":"managed","type":"aws_route_table_association","name":"private","provider_config_key":"aws","expressions":{"route_table_id":{"references":["aws_route_table.private.id","aws_route_table.private"]},"subnet_id":{"references":["aws_subnet.private","count.index"]}},"schema_version":0,"count_expression":{"references":["aws_subnet.private"]}},{"address":"aws_route_table_association.public","mode":"managed","type":"aws_route_table_association","name":"public","provider_config_key":"aws","expressions":{"route_table_id":{"references":["aws_route_table.public.id","aws_route_table.public"]},"subnet_id":{"references":["aws_subnet.public","count.index"]}},"schema_version":0,"count_expression":{"references":["aws_subnet.public"]}},{"address":"aws_s3_bucket.flink_output","mode":"managed","type":"aws_s3_bucket","name":"flink_output","provider_config_key":"aws","expressions":{"bucket":{"references":["var.s3_bucket_name"]},"force_destroy":{"constant_value":true},"tags":{"constant_value":{"Name":"flink-output-bucket"}}},"schema_version":0},{"address":"aws_security_group.allow_internal","mode":"managed","type":"aws_security_group","name":"allow_internal","provider_config_key":"aws","expressions":{"description":{"constant_value":"Allow internal communication"},"egress":{"constant_value":[{"cidr_blocks":["0.0.0.0/0"],"description":null,"from_port":0,"ipv6_cidr_blocks":null,"prefix_list_ids":null,"protocol":"-1","security_groups":null,"self":null,"to_port":0}]},"ingress":{"references":["var.vpc_cidr"]},"name":{"constant_value":"flink-internal-sg"},"tags":{"constant_value":{"Name":"flink-internal-sg"}},"vpc_id":{"references":["aws_vpc.main.id","aws_vpc.main"]}},"schema_version":1},{"address":"aws_subnet.private","mode":"managed","type":"aws_subnet","name":"private","provider_config_key":"aws","expressions":{"availability_zone":{"references":["var.azs","count.index"]},"cidr_block":{"references":["var.private_subnet_cidrs","count.index"]},"tags":{"references":["count.index"]},"vpc_id":{"references":["aws_vpc.main.id","aws_vpc.main"]}},"schema_version":1,"count_expression":{"references":["var.private_subnet_cidrs"]}},{"address":"aws_subnet.public","mode":"managed","type":"aws_subnet","name":"public","provider_config_key":"aws","expressions":{"availability_zone":{"references":["var.azs","count.index"]},"cidr_block":{"references":["var.public_subnet_cidrs","count.index"]},"map_public_ip_on_launch":{"constant_value":true},"tags":{"references":["count.index"]},"vpc_id":{"references":["aws_vpc.main.id","aws_vpc.main"]}},"schema_version":1,"count_expression":{"references":["var.public_subnet_cidrs"]}},{"address":"aws_vpc.main","mode":"managed","type":"aws_vpc","name":"main","provider_config_key":"aws","expressions":{"cidr_block":{"references":["var.vpc_cidr"]},"enable_dns_hostnames":{"constant_value":true},"enable_dns_support":{"constant_value":true},"tags":{"constant_value":{"Name":"flink-vpc"}}},"schema_version":1}],"variables":{"aws_region":{"default":"us-east-1","description":"AWS region to deploy resources in."},"azs":{"default":["us-east-1a","us-east-1b"],"description":"List of availability zones."},"private_subnet_cidrs":{"default":["10.0.101.0/24","10.0.102.0/24"],"description":"List of private subnet CIDRs."},"public_subnet_cidrs":{"default":["10.0.1.0/24","10.0.2.0/24"],"description":"List of public subnet CIDRs."},"rds_db_name":{"default":"flinkcdc","description":"Name of the RDS PostgreSQL database."},"rds_password":{"description":"Master password for RDS PostgreSQL.","sensitive":true},"rds_username":{"default":"flinkuser","description":"Master username for RDS PostgreSQL."},"s3_bucket_name":{"default":"flink-output-bucket","description":"Name of the S3 bucket for Flink output."},"vpc_cidr":{"default":"10.0.0.0/16","description":"CIDR block for the VPC."}}}},"relevant_attributes":[{"resource":"aws_db_subnet_group.postgres","attribute":["name"]},{"resource":"aws_msk_cluster.kafka","attribute":["bootstrap_brokers"]},{"resource":"aws_s3_bucket.flink_output","attribute":["arn"]},{"resource":"aws_route_table.public","attribute":["id"]},{"resource":"aws_vpc.main","attribute":["id"]},{"resource":"aws_eip.nat","attribute":["id"]},{"resource":"aws_route_table.private","attribute":["id"]},{"resource":"aws_subnet.private","attribute":[]},{"resource":"aws_db_instance.postgres","attribute":["endpoint"]},{"resource":"aws_nat_gateway.nat","attribute":["id"]},{"resource":"aws_internet_gateway.gw","attribute":["id"]},{"resource":"aws_security_group.allow_internal","attribute":["id"]},{"resource":"aws_subnet.public[0]","attribute":["id"]},{"resource":"aws_subnet.public","attribute":[]}],"timestamp":"2025-12-22T21:50:41Z","applyable":true,"complete":true,"errored":false}
