data.archive_file.lambda_dummy: Reading...
data.archive_file.lambda_dummy: Read complete after 0s [id=58e93fade67637870be5af38eff8d5aa66c7da49]
data.aws_region.current: Reading...
data.aws_caller_identity.current: Reading...
data.aws_region.current: Read complete after 0s [id=eu-central-1]
data.aws_caller_identity.current: Read complete after 0s [id=000000000000]

Terraform used the selected providers to generate the following execution
plan. Resource actions are indicated with the following symbols:
  + create

Terraform will perform the following actions:

  # aws_cloudwatch_event_rule.schedule will be created
  + resource "aws_cloudwatch_event_rule" "schedule" {
      + arn                 = (known after apply)
      + description         = "Schedule to trigger reminder-bot-lambda"
      + event_bus_name      = "default"
      + force_destroy       = false
      + id                  = (known after apply)
      + name                = "reminder-bot-schedule"
      + name_prefix         = (known after apply)
      + region              = "eu-central-1"
      + schedule_expression = "cron(0 9 * * ? *)"
      + tags_all            = {
          + "Application" = "reminder-bot"
          + "ManagedBy"   = "terraform"
        }
    }

  # aws_cloudwatch_event_target.lambda will be created
  + resource "aws_cloudwatch_event_target" "lambda" {
      + arn            = (known after apply)
      + event_bus_name = "default"
      + force_destroy  = false
      + id             = (known after apply)
      + region         = "eu-central-1"
      + rule           = "reminder-bot-schedule"
      + target_id      = "reminder-bot-lambda"
    }

  # aws_iam_role.lambda_role will be created
  + resource "aws_iam_role" "lambda_role" {
      + arn                   = (known after apply)
      + assume_role_policy    = jsonencode(
            {
              + Statement = [
                  + {
                      + Action    = "sts:AssumeRole"
                      + Effect    = "Allow"
                      + Principal = {
                          + Service = "lambda.amazonaws.com"
                        }
                    },
                ]
              + Version   = "2012-10-17"
            }
        )
      + create_date           = (known after apply)
      + force_detach_policies = false
      + id                    = (known after apply)
      + managed_policy_arns   = (known after apply)
      + max_session_duration  = 3600
      + name                  = "reminder-bot-lambda-role"
      + name_prefix           = (known after apply)
      + path                  = "/"
      + tags_all              = {
          + "Application" = "reminder-bot"
          + "ManagedBy"   = "terraform"
        }
      + unique_id             = (known after apply)

      + inline_policy (known after apply)
    }

  # aws_iam_role_policy_attachment.lambda_basic_execution will be created
  + resource "aws_iam_role_policy_attachment" "lambda_basic_execution" {
      + id         = (known after apply)
      + policy_arn = "arn:aws:iam::aws:policy/service-role/AWSLambdaBasicExecutionRole"
      + role       = "reminder-bot-lambda-role"
    }

  # aws_lambda_function.this will be created
  + resource "aws_lambda_function" "this" {
      + architectures                  = (known after apply)
      + arn                            = (known after apply)
      + code_sha256                    = (known after apply)
      + filename                       = "./.dummy/lambda.zip"
      + function_name                  = "reminder-bot-lambda"
      + handler                        = "handler.Handler::handleRequest"
      + id                             = (known after apply)
      + invoke_arn                     = (known after apply)
      + last_modified                  = (known after apply)
      + memory_size                    = 512
      + package_type                   = "Zip"
      + publish                        = false
      + qualified_arn                  = (known after apply)
      + qualified_invoke_arn           = (known after apply)
      + region                         = "eu-central-1"
      + reserved_concurrent_executions = -1
      + response_streaming_invoke_arn  = (known after apply)
      + role                           = (known after apply)
      + runtime                        = "java21"
      + signing_job_arn                = (known after apply)
      + signing_profile_version_arn    = (known after apply)
      + skip_destroy                   = false
      + source_code_hash               = "wmbalFzzY/wG3ivChKElOZB3+B4gptmQyIat05p+fU4="
      + source_code_size               = (known after apply)
      + tags_all                       = {
          + "Application" = "reminder-bot"
          + "ManagedBy"   = "terraform"
        }
      + timeout                        = 30
      + version                        = (known after apply)

      + environment {
          + variables = {
              + "bot_token"          = (sensitive value)
              + "chat_id"            = (sensitive value)
              + "end_month_message"  = (sensitive value)
              + "half_month_message" = (sensitive value)
            }
        }

      + ephemeral_storage (known after apply)

      + logging_config (known after apply)

      + tracing_config (known after apply)
    }

  # aws_lambda_permission.allow_eventbridge will be created
  + resource "aws_lambda_permission" "allow_eventbridge" {
      + action              = "lambda:InvokeFunction"
      + function_name       = "reminder-bot-lambda"
      + id                  = (known after apply)
      + principal           = "events.amazonaws.com"
      + region              = "eu-central-1"
      + source_arn          = (known after apply)
      + statement_id        = "AllowExecutionFromEventBridge"
      + statement_id_prefix = (known after apply)
    }

Plan: 6 to add, 0 to change, 0 to destroy.

Changes to Outputs:
  + aws_account_id       = "000000000000"
  + aws_region           = "eu-central-1"
  + event_rule_name      = "reminder-bot-schedule"
  + lambda_function_arn  = (known after apply)
  + lambda_function_name = "reminder-bot-lambda"
aws_cloudwatch_event_rule.schedule: Creating...
aws_iam_role.lambda_role: Creating...
aws_cloudwatch_event_rule.schedule: Creation complete after 0s [id=reminder-bot-schedule]
aws_iam_role.lambda_role: Creation complete after 0s [id=reminder-bot-lambda-role]
aws_iam_role_policy_attachment.lambda_basic_execution: Creating...
aws_iam_role_policy_attachment.lambda_basic_execution: Creation complete after 0s [id=reminder-bot-lambda-role/arn:aws:iam::aws:policy/service-role/AWSLambdaBasicExecutionRole]
aws_lambda_function.this: Creating...
aws_lambda_function.this: Creation complete after 6s [id=reminder-bot-lambda]
aws_lambda_permission.allow_eventbridge: Creating...
aws_cloudwatch_event_target.lambda: Creating...
aws_lambda_permission.allow_eventbridge: Creation complete after 0s [id=AllowExecutionFromEventBridge]
aws_cloudwatch_event_target.lambda: Creation complete after 0s [id=reminder-bot-schedule-reminder-bot-lambda]

Apply complete! Resources: 6 added, 0 changed, 0 destroyed.

Outputs:

aws_account_id = "000000000000"
aws_region = "eu-central-1"
event_rule_name = "reminder-bot-schedule"
lambda_function_arn = "arn:aws:lambda:eu-central-1:000000000000:function:reminder-bot-lambda"
lambda_function_name = "reminder-bot-lambda"
