{"format_version":"1.2","terraform_version":"1.13.5","variables":{"app_name":{"value":"reminder-bot"},"aws_region":{"value":"eu-central-1"},"bot_token":{"value":"ai-basis-tf"},"chat_id":{"value":"ai-basis-tf"},"end_month_message":{"value":"ai-basis-tf"},"half_month_message":{"value":"ai-basis-tf"},"lambda_function_name":{"value":"reminder-bot-lambda"},"lambda_handler":{"value":"handler.Handler::handleRequest"},"lambda_jar_path":{"value":"../target/reminder-bot.jar"},"lambda_memory_size":{"value":512},"lambda_runtime":{"value":"java21"},"lambda_timeout":{"value":30},"schedule_expression":{"value":"cron(0 9 * * ? *)"}},"planned_values":{"outputs":{"aws_account_id":{"sensitive":false,"type":"string","value":"000000000000"},"aws_region":{"sensitive":false,"type":"string","value":"eu-central-1"},"event_rule_name":{"sensitive":false,"type":"string","value":"reminder-bot-schedule"},"lambda_function_arn":{"sensitive":false},"lambda_function_name":{"sensitive":false,"type":"string","value":"reminder-bot-lambda"}},"root_module":{"resources":[{"address":"aws_cloudwatch_event_rule.schedule","mode":"managed","type":"aws_cloudwatch_event_rule","name":"schedule","provider_name":"registry.terraform.io/hashicorp/aws","schema_version":1,"values":{"description":"Schedule to trigger reminder-bot-lambda","event_bus_name":"default","event_pattern":null,"force_destroy":false,"is_enabled":null,"name":"reminder-bot-schedule","region":"eu-central-1","role_arn":null,"schedule_expression":"cron(0 9 * * ? *)","state":null,"tags":null,"tags_all":{"Application":"reminder-bot","ManagedBy":"terraform"}},"sensitive_values":{"tags_all":{}},"identity_schema_version":0,"identity":{"account_id":null,"name":null,"region":null}},{"address":"aws_cloudwatch_event_target.lambda","mode":"managed","type":"aws_cloudwatch_event_target","name":"lambda","provider_name":"registry.terraform.io/hashicorp/aws","schema_version":1,"values":{"appsync_target":[],"batch_target":[],"dead_letter_config":[],"ecs_target":[],"event_bus_name":"default","force_destroy":false,"http_target":[],"input":null,"input_path":null,"input_transformer":[],"kinesis_target":[],"redshift_target":[],"region":"eu-central-1","retry_policy":[],"role_arn":null,"rule":"reminder-bot-schedule","run_command_targets":[],"sagemaker_pipeline_target":[],"sqs_target":[],"target_id":"reminder-bot-lambda"},"sensitive_values":{"appsync_target":[],"batch_target":[],"dead_letter_config":[],"ecs_target":[],"http_target":[],"input_transformer":[],"kinesis_target":[],"redshift_target":[],"retry_policy":[],"run_command_targets":[],"sagemaker_pipeline_target":[],"sqs_target":[]},"identity_schema_version":0,"identity":{"account_id":null,"event_bus_name":null,"region":null,"rule":null,"target_id":null}},{"address":"aws_iam_role.lambda_role","mode":"managed","type":"aws_iam_role","name":"lambda_role","provider_name":"registry.terraform.io/hashicorp/aws","schema_version":0,"values":{"assume_role_policy":"{\"Statement\":[{\"Action\":\"sts:AssumeRole\",\"Effect\":\"Allow\",\"Principal\":{\"Service\":\"lambda.amazonaws.com\"}}],\"Version\":\"2012-10-17\"}","description":null,"force_detach_policies":false,"max_session_duration":3600,"name":"reminder-bot-lambda-role","path":"/","permissions_boundary":null,"tags":null,"tags_all":{"Application":"reminder-bot","ManagedBy":"terraform"}},"sensitive_values":{"inline_policy":[],"managed_policy_arns":[],"tags_all":{}},"identity_schema_version":0,"identity":{"account_id":null,"name":null}},{"address":"aws_iam_role_policy_attachment.lambda_basic_execution","mode":"managed","type":"aws_iam_role_policy_attachment","name":"lambda_basic_execution","provider_name":"registry.terraform.io/hashicorp/aws","schema_version":0,"values":{"policy_arn":"arn:aws:iam::aws:policy/service-role/AWSLambdaBasicExecutionRole","role":"reminder-bot-lambda-role"},"sensitive_values":{},"identity_schema_version":0,"identity":{"account_id":null,"policy_arn":null,"role":null}},{"address":"aws_lambda_function.this","mode":"managed","type":"aws_lambda_function","name":"this","provider_name":"registry.terraform.io/hashicorp/aws","schema_version":0,"values":{"capacity_provider_config":[],"code_signing_config_arn":null,"dead_letter_config":[],"description":null,"durable_config":[],"environment":[{"variables":{"bot_token":"ai-basis-tf","chat_id":"ai-basis-tf","end_month_message":"ai-basis-tf","half_month_message":"ai-basis-tf"}}],"file_system_config":[],"filename":"./.dummy/lambda.zip","function_name":"reminder-bot-lambda","handler":"handler.Handler::handleRequest","image_config":[],"image_uri":null,"kms_key_arn":null,"layers":null,"memory_size":512,"package_type":"Zip","publish":false,"publish_to":null,"region":"eu-central-1","replace_security_groups_on_destroy":null,"replacement_security_group_ids":null,"reserved_concurrent_executions":-1,"runtime":"java21","s3_bucket":null,"s3_key":null,"s3_object_version":null,"skip_destroy":false,"snap_start":[],"source_code_hash":"wmbalFzzY/wG3ivChKElOZB3+B4gptmQyIat05p+fU4=","source_kms_key_arn":null,"tags":null,"tags_all":{"Application":"reminder-bot","ManagedBy":"terraform"},"tenancy_config":[],"timeout":30,"timeouts":null,"vpc_config":[]},"sensitive_values":{"architectures":[],"capacity_provider_config":[],"dead_letter_config":[],"durable_config":[],"environment":[{"variables":{"bot_token":true,"chat_id":true,"end_month_message":true,"half_month_message":true}}],"ephemeral_storage":[],"file_system_config":[],"image_config":[],"logging_config":[],"snap_start":[],"tags_all":{},"tenancy_config":[],"tracing_config":[],"vpc_config":[]},"identity_schema_version":0,"identity":{"account_id":null,"function_name":null,"region":null}},{"address":"aws_lambda_permission.allow_eventbridge","mode":"managed","type":"aws_lambda_permission","name":"allow_eventbridge","provider_name":"registry.terraform.io/hashicorp/aws","schema_version":0,"values":{"action":"lambda:InvokeFunction","event_source_token":null,"function_name":"reminder-bot-lambda","function_url_auth_type":null,"invoked_via_function_url":null,"principal":"events.amazonaws.com","principal_org_id":null,"qualifier":null,"region":"eu-central-1","source_account":null,"statement_id":"AllowExecutionFromEventBridge"},"sensitive_values":{},"identity_schema_version":0,"identity":{"account_id":null,"function_name":null,"qualifier":null,"region":null,"statement_id":null}}]}},"resource_changes":[{"address":"aws_cloudwatch_event_rule.schedule","mode":"managed","type":"aws_cloudwatch_event_rule","name":"schedule","provider_name":"registry.terraform.io/hashicorp/aws","change":{"actions":["create"],"before":null,"after":{"description":"Schedule to trigger reminder-bot-lambda","event_bus_name":"default","event_pattern":null,"force_destroy":false,"is_enabled":null,"name":"reminder-bot-schedule","region":"eu-central-1","role_arn":null,"schedule_expression":"cron(0 9 * * ? *)","state":null,"tags":null,"tags_all":{"Application":"reminder-bot","ManagedBy":"terraform"}},"after_unknown":{"arn":true,"id":true,"name_prefix":true,"tags_all":{}},"before_sensitive":false,"after_sensitive":{"tags_all":{}},"after_identity":{"account_id":null,"name":null,"region":null}}},{"address":"aws_cloudwatch_event_target.lambda","mode":"managed","type":"aws_cloudwatch_event_target","name":"lambda","provider_name":"registry.terraform.io/hashicorp/aws","change":{"actions":["create"],"before":null,"after":{"appsync_target":[],"batch_target":[],"dead_letter_config":[],"ecs_target":[],"event_bus_name":"default","force_destroy":false,"http_target":[],"input":null,"input_path":null,"input_transformer":[],"kinesis_target":[],"redshift_target":[],"region":"eu-central-1","retry_policy":[],"role_arn":null,"rule":"reminder-bot-schedule","run_command_targets":[],"sagemaker_pipeline_target":[],"sqs_target":[],"target_id":"reminder-bot-lambda"},"after_unknown":{"appsync_target":[],"arn":true,"batch_target":[],"dead_letter_config":[],"ecs_target":[],"http_target":[],"id":true,"input_transformer":[],"kinesis_target":[],"redshift_target":[],"retry_policy":[],"run_command_targets":[],"sagemaker_pipeline_target":[],"sqs_target":[]},"before_sensitive":false,"after_sensitive":{"appsync_target":[],"batch_target":[],"dead_letter_config":[],"ecs_target":[],"http_target":[],"input_transformer":[],"kinesis_target":[],"redshift_target":[],"retry_policy":[],"run_command_targets":[],"sagemaker_pipeline_target":[],"sqs_target":[]},"after_identity":{"account_id":null,"event_bus_name":null,"region":null,"rule":null,"target_id":null}}},{"address":"aws_iam_role.lambda_role","mode":"managed","type":"aws_iam_role","name":"lambda_role","provider_name":"registry.terraform.io/hashicorp/aws","change":{"actions":["create"],"before":null,"after":{"assume_role_policy":"{\"Statement\":[{\"Action\":\"sts:AssumeRole\",\"Effect\":\"Allow\",\"Principal\":{\"Service\":\"lambda.amazonaws.com\"}}],\"Version\":\"2012-10-17\"}","description":null,"force_detach_policies":false,"max_session_duration":3600,"name":"reminder-bot-lambda-role","path":"/","permissions_boundary":null,"tags":null,"tags_all":{"Application":"reminder-bot","ManagedBy":"terraform"}},"after_unknown":{"arn":true,"create_date":true,"id":true,"inline_policy":true,"managed_policy_arns":true,"name_prefix":true,"tags_all":{},"unique_id":true},"before_sensitive":false,"after_sensitive":{"inline_policy":[],"managed_policy_arns":[],"tags_all":{}},"after_identity":{"account_id":null,"name":null}}},{"address":"aws_iam_role_policy_attachment.lambda_basic_execution","mode":"managed","type":"aws_iam_role_policy_attachment","name":"lambda_basic_execution","provider_name":"registry.terraform.io/hashicorp/aws","change":{"actions":["create"],"before":null,"after":{"policy_arn":"arn:aws:iam::aws:policy/service-role/AWSLambdaBasicExecutionRole","role":"reminder-bot-lambda-role"},"after_unknown":{"id":true},"before_sensitive":false,"after_sensitive":{},"after_identity":{"account_id":null,"policy_arn":null,"role":null}}},{"address":"aws_lambda_function.this","mode":"managed","type":"aws_lambda_function","name":"this","provider_name":"registry.terraform.io/hashicorp/aws","change":{"actions":["create"],"before":null,"after":{"capacity_provider_config":[],"code_signing_config_arn":null,"dead_letter_config":[],"description":null,"durable_config":[],"environment":[{"variables":{"bot_token":"ai-basis-tf","chat_id":"ai-basis-tf","end_month_message":"ai-basis-tf","half_month_message":"ai-basis-tf"}}],"file_system_config":[],"filename":"./.dummy/lambda.zip","function_name":"reminder-bot-lambda","handler":"handler.Handler::handleRequest","image_config":[],"image_uri":null,"kms_key_arn":null,"layers":null,"memory_size":512,"package_type":"Zip","publish":false,"publish_to":null,"region":"eu-central-1","replace_security_groups_on_destroy":null,"replacement_security_group_ids":null,"reserved_concurrent_executions":-1,"runtime":"java21","s3_bucket":null,"s3_key":null,"s3_object_version":null,"skip_destroy":false,"snap_start":[],"source_code_hash":"wmbalFzzY/wG3ivChKElOZB3+B4gptmQyIat05p+fU4=","source_kms_key_arn":null,"tags":null,"tags_all":{"Application":"reminder-bot","ManagedBy":"terraform"},"tenancy_config":[],"timeout":30,"timeouts":null,"vpc_config":[]},"after_unknown":{"architectures":true,"arn":true,"capacity_provider_config":[],"code_sha256":true,"dead_letter_config":[],"durable_config":[],"environment":[{"variables":{}}],"ephemeral_storage":true,"file_system_config":[],"id":true,"image_config":[],"invoke_arn":true,"last_modified":true,"logging_config":true,"qualified_arn":true,"qualified_invoke_arn":true,"response_streaming_invoke_arn":true,"role":true,"signing_job_arn":true,"signing_profile_version_arn":true,"snap_start":[],"source_code_size":true,"tags_all":{},"tenancy_config":[],"tracing_config":true,"version":true,"vpc_config":[]},"before_sensitive":false,"after_sensitive":{"architectures":[],"capacity_provider_config":[],"dead_letter_config":[],"durable_config":[],"environment":[{"variables":{"bot_token":true,"chat_id":true,"end_month_message":true,"half_month_message":true}}],"ephemeral_storage":[],"file_system_config":[],"image_config":[],"logging_config":[],"snap_start":[],"tags_all":{},"tenancy_config":[],"tracing_config":[],"vpc_config":[]},"after_identity":{"account_id":null,"function_name":null,"region":null}}},{"address":"aws_lambda_permission.allow_eventbridge","mode":"managed","type":"aws_lambda_permission","name":"allow_eventbridge","provider_name":"registry.terraform.io/hashicorp/aws","change":{"actions":["create"],"before":null,"after":{"action":"lambda:InvokeFunction","event_source_token":null,"function_name":"reminder-bot-lambda","function_url_auth_type":null,"invoked_via_function_url":null,"principal":"events.amazonaws.com","principal_org_id":null,"qualifier":null,"region":"eu-central-1","source_account":null,"statement_id":"AllowExecutionFromEventBridge"},"after_unknown":{"id":true,"source_arn":true,"statement_id_prefix":true},"before_sensitive":false,"after_sensitive":{},"after_identity":{"account_id":null,"function_name":null,"qualifier":null,"region":null,"statement_id":null}}}],"output_changes":{"aws_account_id":{"actions":["create"],"before":null,"after":"000000000000","after_unknown":false,"before_sensitive":false,"after_sensitive":false},"aws_region":{"actions":["create"],"before":null,"after":"eu-central-1","after_unknown":false,"before_sensitive":false,"after_sensitive":false},"event_rule_name":{"actions":["create"],"before":null,"after":"reminder-bot-schedule","after_unknown":false,"before_sensitive":false,"after_sensitive":false},"lambda_function_arn":{"actions":["create"],"before":null,"after_unknown":true,"before_sensitive":false,"after_sensitive":false},"lambda_function_name":{"actions":["create"],"before":null,"after":"reminder-bot-lambda","after_unknown":false,"before_sensitive":false,"after_sensitive":false}},"prior_state":{"format_version":"1.0","terraform_version":"1.13.5","values":{"outputs":{"aws_account_id":{"sensitive":false,"value":"000000000000","type":"string"},"aws_region":{"sensitive":false,"value":"eu-central-1","type":"string"},"event_rule_name":{"sensitive":false,"value":"reminder-bot-schedule","type":"string"},"lambda_function_name":{"sensitive":false,"value":"reminder-bot-lambda","type":"string"}},"root_module":{"resources":[{"address":"data.archive_file.lambda_dummy","mode":"data","type":"archive_file","name":"lambda_dummy","provider_name":"registry.terraform.io/hashicorp/archive","schema_version":0,"values":{"exclude_symlink_directories":null,"excludes":null,"id":"58e93fade67637870be5af38eff8d5aa66c7da49","output_base64sha256":"wmbalFzzY/wG3ivChKElOZB3+B4gptmQyIat05p+fU4=","output_base64sha512":"BQYAg1LwEY4tDmry1VoRx6StX0vjH+7LpfB5KAZLVvfJQjioPbBv1QxI6QF6P2U614fU3h9XKBCb9z5Y1ornqA==","output_file_mode":null,"output_md5":"a0dbd832a6a977d6d5b28ea5c85e30fb","output_path":"./.dummy/lambda.zip","output_sha":"58e93fade67637870be5af38eff8d5aa66c7da49","output_sha256":"c266da945cf363fc06de2bc284a125399077f81e20a6d990c886add39a7e7d4e","output_sha512":"0506008352f0118e2d0e6af2d55a11c7a4ad5f4be31feecba5f07928064b56f7c94238a83db06fd50c48e9017a3f653ad787d4de1f5728109bf73e58d68ae7a8","output_size":246,"source":[{"content":"exports.handler = async (event) =\u003e {\n  console.log(\"Dummy lambda invoked\");\n  return { statusCode: 200, body: \"dummy\" };\n};\n","filename":"index.js"}],"source_content":null,"source_content_filename":null,"source_dir":null,"source_file":null,"type":"zip"},"sensitive_values":{"source":[{}]}},{"address":"data.aws_caller_identity.current","mode":"data","type":"aws_caller_identity","name":"current","provider_name":"registry.terraform.io/hashicorp/aws","schema_version":0,"values":{"account_id":"000000000000","arn":"arn:aws:iam::000000000000:root","id":"000000000000","user_id":"AKIAIOSFODNN7EXAMPLE"},"sensitive_values":{}},{"address":"data.aws_region.current","mode":"data","type":"aws_region","name":"current","provider_name":"registry.terraform.io/hashicorp/aws","schema_version":0,"values":{"description":"Europe (Frankfurt)","endpoint":"ec2.eu-central-1.amazonaws.com","id":"eu-central-1","name":"eu-central-1","region":"eu-central-1"},"sensitive_values":{}}]}}},"configuration":{"provider_config":{"archive":{"name":"archive","full_name":"registry.terraform.io/hashicorp/archive","version_constraint":"\u003e= 2.0.0"},"aws":{"name":"aws","full_name":"registry.terraform.io/hashicorp/aws","version_constraint":"\u003e= 5.0.0","expressions":{"default_tags":[{"tags":{"references":["var.app_name"]}}],"region":{"references":["var.aws_region"]}}}},"root_module":{"outputs":{"aws_account_id":{"expression":{"references":["data.aws_caller_identity.current.account_id","data.aws_caller_identity.current"]},"description":"AWS account id"},"aws_region":{"expression":{"references":["data.aws_region.current.region","data.aws_region.current"]},"description":"AWS region"},"event_rule_name":{"expression":{"references":["aws_cloudwatch_event_rule.schedule.name","aws_cloudwatch_event_rule.schedule"]},"description":"EventBridge rule name"},"lambda_function_arn":{"expression":{"references":["aws_lambda_function.this.arn","aws_lambda_function.this"]},"description":"Deployed Lambda function ARN"},"lambda_function_name":{"expression":{"references":["aws_lambda_function.this.function_name","aws_lambda_function.this"]},"description":"Deployed Lambda function name"}},"resources":[{"address":"aws_cloudwatch_event_rule.schedule","mode":"managed","type":"aws_cloudwatch_event_rule","name":"schedule","provider_config_key":"aws","expressions":{"description":{"references":["var.lambda_function_name"]},"name":{"references":["var.app_name"]},"schedule_expression":{"references":["var.schedule_expression"]}},"schema_version":1},{"address":"aws_cloudwatch_event_target.lambda","mode":"managed","type":"aws_cloudwatch_event_target","name":"lambda","provider_config_key":"aws","expressions":{"arn":{"references":["aws_lambda_function.this.arn","aws_lambda_function.this"]},"rule":{"references":["aws_cloudwatch_event_rule.schedule.name","aws_cloudwatch_event_rule.schedule"]},"target_id":{"references":["var.app_name"]}},"schema_version":1},{"address":"aws_iam_role.lambda_role","mode":"managed","type":"aws_iam_role","name":"lambda_role","provider_config_key":"aws","expressions":{"assume_role_policy":{},"name":{"references":["var.app_name"]}},"schema_version":0},{"address":"aws_iam_role_policy_attachment.lambda_basic_execution","mode":"managed","type":"aws_iam_role_policy_attachment","name":"lambda_basic_execution","provider_config_key":"aws","expressions":{"policy_arn":{"constant_value":"arn:aws:iam::aws:policy/service-role/AWSLambdaBasicExecutionRole"},"role":{"references":["aws_iam_role.lambda_role.name","aws_iam_role.lambda_role"]}},"schema_version":0},{"address":"aws_lambda_function.this","mode":"managed","type":"aws_lambda_function","name":"this","provider_config_key":"aws","expressions":{"environment":[{"variables":{"references":["var.bot_token","var.chat_id","var.half_month_message","var.end_month_message"]}}],"filename":{"references":["var.lambda_jar_path","var.lambda_jar_path","data.archive_file.lambda_dummy.output_path","data.archive_file.lambda_dummy"]},"function_name":{"references":["var.lambda_function_name"]},"handler":{"references":["var.lambda_handler"]},"memory_size":{"references":["var.lambda_memory_size"]},"role":{"references":["aws_iam_role.lambda_role.arn","aws_iam_role.lambda_role"]},"runtime":{"references":["var.lambda_runtime"]},"source_code_hash":{"references":["var.lambda_jar_path","var.lambda_jar_path","data.archive_file.lambda_dummy.output_base64sha256","data.archive_file.lambda_dummy"]},"timeout":{"references":["var.lambda_timeout"]}},"schema_version":0,"depends_on":["aws_iam_role_policy_attachment.lambda_basic_execution"]},{"address":"aws_lambda_permission.allow_eventbridge","mode":"managed","type":"aws_lambda_permission","name":"allow_eventbridge","provider_config_key":"aws","expressions":{"action":{"constant_value":"lambda:InvokeFunction"},"function_name":{"references":["aws_lambda_function.this.function_name","aws_lambda_function.this"]},"principal":{"constant_value":"events.amazonaws.com"},"source_arn":{"references":["aws_cloudwatch_event_rule.schedule.arn","aws_cloudwatch_event_rule.schedule"]},"statement_id":{"constant_value":"AllowExecutionFromEventBridge"}},"schema_version":0},{"address":"data.archive_file.lambda_dummy","mode":"data","type":"archive_file","name":"lambda_dummy","provider_config_key":"archive","expressions":{"output_path":{"references":["local.lambda_dummy_zip"]},"source":[{"content":{"constant_value":"exports.handler = async (event) =\u003e {\n  console.log(\"Dummy lambda invoked\");\n  return { statusCode: 200, body: \"dummy\" };\n};\n"},"filename":{"constant_value":"index.js"}}],"type":{"constant_value":"zip"}},"schema_version":0},{"address":"data.aws_caller_identity.current","mode":"data","type":"aws_caller_identity","name":"current","provider_config_key":"aws","schema_version":0},{"address":"data.aws_region.current","mode":"data","type":"aws_region","name":"current","provider_config_key":"aws","schema_version":0}],"variables":{"app_name":{"default":"reminder-bot","description":"Application name used for resource naming"},"aws_region":{"default":"eu-central-1","description":"AWS region to deploy into"},"bot_token":{"description":"Telegram bot token","sensitive":true},"chat_id":{"description":"Telegram chat id","sensitive":true},"end_month_message":{"description":"Message to send on other days (end of month reminder)","sensitive":true},"half_month_message":{"description":"Message to send on day 15","sensitive":true},"lambda_function_name":{"default":"reminder-bot-lambda","description":"Lambda function name"},"lambda_handler":{"default":"handler.Handler::handleRequest","description":"Java Lambda handler (package.Class::method)"},"lambda_jar_path":{"default":"../target/reminder-bot.jar","description":"Path to the built shaded JAR to deploy (relative to this Terraform module directory)"},"lambda_memory_size":{"default":512,"description":"Lambda memory size in MB"},"lambda_runtime":{"default":"java21","description":"Lambda runtime"},"lambda_timeout":{"default":30,"description":"Lambda timeout in seconds"},"schedule_expression":{"default":"cron(0 9 * * ? *)","description":"EventBridge schedule expression to trigger the Lambda"}}}},"relevant_attributes":[{"resource":"data.archive_file.lambda_dummy","attribute":["output_base64sha256"]},{"resource":"aws_cloudwatch_event_rule.schedule","attribute":["arn"]},{"resource":"aws_lambda_function.this","attribute":["function_name"]},{"resource":"data.aws_caller_identity.current","attribute":["account_id"]},{"resource":"aws_cloudwatch_event_rule.schedule","attribute":["name"]},{"resource":"aws_lambda_function.this","attribute":["arn"]},{"resource":"data.archive_file.lambda_dummy","attribute":["output_path"]},{"resource":"aws_iam_role.lambda_role","attribute":["name"]},{"resource":"data.aws_region.current","attribute":["region"]},{"resource":"aws_iam_role.lambda_role","attribute":["arn"]}],"timestamp":"2026-01-27T14:14:22Z","applyable":true,"complete":true,"errored":false}
