{"format_version":"1.2","terraform_version":"1.13.5","variables":{"aws_region":{"value":"us-east-1"},"private_subnet_cidrs":{"value":["10.0.2.0/24"]},"public_subnet_cidrs":{"value":["10.0.1.0/24"]},"renovatebot_image":{"value":"ghcr.io/renovatebot/renovate:36.72.0"},"renovatebot_schedule_expression":{"value":""},"renovatebot_secret_arn":{"value":""},"renovatebot_task_cpu":{"value":256},"renovatebot_task_memory":{"value":512},"vpc_cidr":{"value":"10.0.0.0/16"}},"planned_values":{"outputs":{"cloudwatch_log_group_name":{"sensitive":false,"type":"string","value":"/ecs/renovatebot"},"ecs_cluster_id":{"sensitive":false},"ecs_service_name":{"sensitive":false,"type":"string","value":"renovatebot-service"},"private_subnet_ids":{"sensitive":false},"public_subnet_ids":{"sensitive":false},"vpc_id":{"sensitive":false}},"root_module":{"resources":[{"address":"aws_cloudwatch_log_group.renovatebot","mode":"managed","type":"aws_cloudwatch_log_group","name":"renovatebot","provider_name":"registry.terraform.io/hashicorp/aws","schema_version":0,"values":{"kms_key_id":null,"name":"/ecs/renovatebot","region":"us-east-1","retention_in_days":7,"skip_destroy":false,"tags":null},"sensitive_values":{"tags_all":{}},"identity_schema_version":0,"identity":{"account_id":null,"name":null,"region":null}},{"address":"aws_ecs_cluster.main","mode":"managed","type":"aws_ecs_cluster","name":"main","provider_name":"registry.terraform.io/hashicorp/aws","schema_version":0,"values":{"configuration":[],"name":"renovatebot-cluster","region":"us-east-1","service_connect_defaults":[],"tags":null},"sensitive_values":{"configuration":[],"service_connect_defaults":[],"setting":[],"tags_all":{}}},{"address":"aws_ecs_service.renovatebot[0]","mode":"managed","type":"aws_ecs_service","name":"renovatebot","index":0,"provider_name":"registry.terraform.io/hashicorp/aws","schema_version":1,"values":{"alarms":[],"capacity_provider_strategy":[],"deployment_circuit_breaker":[],"deployment_controller":[],"deployment_maximum_percent":200,"deployment_minimum_healthy_percent":100,"desired_count":1,"enable_ecs_managed_tags":false,"enable_execute_command":false,"force_delete":null,"force_new_deployment":null,"health_check_grace_period_seconds":null,"launch_type":"FARGATE","load_balancer":[],"name":"renovatebot-service","network_configuration":[{"assign_public_ip":false}],"ordered_placement_strategy":[],"placement_constraints":[],"propagate_tags":null,"region":"us-east-1","scheduling_strategy":"REPLICA","service_connect_configuration":[],"service_registries":[],"sigint_rollback":null,"tags":null,"timeouts":null,"volume_configuration":[],"vpc_lattice_configurations":[],"wait_for_steady_state":false},"sensitive_values":{"alarms":[],"capacity_provider_strategy":[],"deployment_circuit_breaker":[],"deployment_configuration":[],"deployment_controller":[],"load_balancer":[],"network_configuration":[{"security_groups":[],"subnets":[]}],"ordered_placement_strategy":[],"placement_constraints":[],"service_connect_configuration":[],"service_registries":[],"tags_all":{},"triggers":{},"volume_configuration":[],"vpc_lattice_configurations":[]}},{"address":"aws_ecs_task_definition.renovatebot","mode":"managed","type":"aws_ecs_task_definition","name":"renovatebot","provider_name":"registry.terraform.io/hashicorp/aws","schema_version":1,"values":{"container_definitions":"[{\"environment\":[{\"name\":\"RENOVATE_CONFIG_FILE\",\"value\":\"/tmp/renovate.json\"}],\"essential\":true,\"image\":\"ghcr.io/renovatebot/renovate:36.72.0\",\"logConfiguration\":{\"logDriver\":\"awslogs\",\"options\":{\"awslogs-group\":\"/ecs/renovatebot\",\"awslogs-region\":\"us-east-1\",\"awslogs-stream-prefix\":\"ecs\"}},\"mountPoints\":[],\"name\":\"renovatebot\",\"secrets\":[{\"name\":\"RENOVATE_CONFIG_JSON\",\"valueFrom\":\"\"}]}]","cpu":"256","ephemeral_storage":[],"family":"renovatebot-task","ipc_mode":null,"memory":"512","network_mode":"awsvpc","pid_mode":null,"placement_constraints":[],"proxy_configuration":[],"region":"us-east-1","requires_compatibilities":["FARGATE"],"runtime_platform":[{"cpu_architecture":"X86_64","operating_system_family":"LINUX"}],"skip_destroy":false,"tags":null,"track_latest":false,"volume":[]},"sensitive_values":{"ephemeral_storage":[],"placement_constraints":[],"proxy_configuration":[],"requires_compatibilities":[false],"runtime_platform":[{}],"tags_all":{},"volume":[]}},{"address":"aws_eip.nat","mode":"managed","type":"aws_eip","name":"nat","provider_name":"registry.terraform.io/hashicorp/aws","schema_version":0,"values":{"address":null,"associate_with_private_ip":null,"customer_owned_ipv4_pool":null,"domain":"vpc","region":"us-east-1","tags":null,"timeouts":null},"sensitive_values":{"tags_all":{}}},{"address":"aws_iam_role.ecs_task_execution","mode":"managed","type":"aws_iam_role","name":"ecs_task_execution","provider_name":"registry.terraform.io/hashicorp/aws","schema_version":0,"values":{"assume_role_policy":"{\"Statement\":[{\"Action\":\"sts:AssumeRole\",\"Effect\":\"Allow\",\"Principal\":{\"Service\":\"ecs-tasks.amazonaws.com\"}}],\"Version\":\"2012-10-17\"}","description":null,"force_detach_policies":false,"max_session_duration":3600,"name":"renovatebot-ecs-task-execution-role","path":"/","permissions_boundary":null,"tags":null},"sensitive_values":{"inline_policy":[],"managed_policy_arns":[],"tags_all":{}},"identity_schema_version":0,"identity":{"account_id":null,"name":null}},{"address":"aws_iam_role_policy.renovatebot_access","mode":"managed","type":"aws_iam_role_policy","name":"renovatebot_access","provider_name":"registry.terraform.io/hashicorp/aws","schema_version":0,"values":{"name":"renovatebot-access-policy","policy":"{\"Version\":\"2012-10-17\",\"Statement\":[{\"Action\":[\"secretsmanager:GetSecretValue\",\"secretsmanager:DescribeSecret\"],\"Effect\":\"Allow\",\"Resource\":\"\"},{\"Action\":[\"logs:PutLogEvents\",\"logs:CreateLogStream\"],\"Effect\":\"Allow\",\"Resource\":\"*\"}]}"},"sensitive_values":{},"identity_schema_version":0,"identity":{"account_id":null,"name":null,"role":null}},{"address":"aws_iam_role_policy_attachment.ecs_task_execution_policy","mode":"managed","type":"aws_iam_role_policy_attachment","name":"ecs_task_execution_policy","provider_name":"registry.terraform.io/hashicorp/aws","schema_version":0,"values":{"policy_arn":"arn:aws:iam::aws:policy/service-role/AmazonECSTaskExecutionRolePolicy","role":"renovatebot-ecs-task-execution-role"},"sensitive_values":{},"identity_schema_version":0,"identity":{"account_id":null,"policy_arn":null,"role":null}},{"address":"aws_internet_gateway.main","mode":"managed","type":"aws_internet_gateway","name":"main","provider_name":"registry.terraform.io/hashicorp/aws","schema_version":0,"values":{"region":"us-east-1","tags":{"Name":"renovatebot-igw"},"tags_all":{"Name":"renovatebot-igw"},"timeouts":null},"sensitive_values":{"tags":{},"tags_all":{}}},{"address":"aws_nat_gateway.main","mode":"managed","type":"aws_nat_gateway","name":"main","provider_name":"registry.terraform.io/hashicorp/aws","schema_version":0,"values":{"availability_zone_address":[],"connectivity_type":"public","region":"us-east-1","tags":{"Name":"renovatebot-nat"},"tags_all":{"Name":"renovatebot-nat"},"timeouts":null},"sensitive_values":{"availability_zone_address":[],"regional_nat_gateway_address":[],"secondary_allocation_ids":[],"secondary_private_ip_addresses":[],"tags":{},"tags_all":{}}},{"address":"aws_route.private_nat_gateway","mode":"managed","type":"aws_route","name":"private_nat_gateway","provider_name":"registry.terraform.io/hashicorp/aws","schema_version":0,"values":{"carrier_gateway_id":null,"core_network_arn":null,"destination_cidr_block":"0.0.0.0/0","destination_ipv6_cidr_block":null,"destination_prefix_list_id":null,"egress_only_gateway_id":null,"gateway_id":null,"local_gateway_id":null,"region":"us-east-1","timeouts":null,"transit_gateway_id":null,"vpc_endpoint_id":null,"vpc_peering_connection_id":null},"sensitive_values":{},"identity_schema_version":0,"identity":{"account_id":null,"destination_cidr_block":null,"destination_ipv6_cidr_block":null,"destination_prefix_list_id":null,"region":null,"route_table_id":null}},{"address":"aws_route.public_internet_access","mode":"managed","type":"aws_route","name":"public_internet_access","provider_name":"registry.terraform.io/hashicorp/aws","schema_version":0,"values":{"carrier_gateway_id":null,"core_network_arn":null,"destination_cidr_block":"0.0.0.0/0","destination_ipv6_cidr_block":null,"destination_prefix_list_id":null,"egress_only_gateway_id":null,"local_gateway_id":null,"nat_gateway_id":null,"region":"us-east-1","timeouts":null,"transit_gateway_id":null,"vpc_endpoint_id":null,"vpc_peering_connection_id":null},"sensitive_values":{},"identity_schema_version":0,"identity":{"account_id":null,"destination_cidr_block":null,"destination_ipv6_cidr_block":null,"destination_prefix_list_id":null,"region":null,"route_table_id":null}},{"address":"aws_route_table.private","mode":"managed","type":"aws_route_table","name":"private","provider_name":"registry.terraform.io/hashicorp/aws","schema_version":0,"values":{"region":"us-east-1","tags":{"Name":"renovatebot-private-rt"},"tags_all":{"Name":"renovatebot-private-rt"},"timeouts":null},"sensitive_values":{"propagating_vgws":[],"route":[],"tags":{},"tags_all":{}},"identity_schema_version":0,"identity":{"account_id":null,"id":null,"region":null}},{"address":"aws_route_table.public","mode":"managed","type":"aws_route_table","name":"public","provider_name":"registry.terraform.io/hashicorp/aws","schema_version":0,"values":{"region":"us-east-1","tags":{"Name":"renovatebot-public-rt"},"tags_all":{"Name":"renovatebot-public-rt"},"timeouts":null},"sensitive_values":{"propagating_vgws":[],"route":[],"tags":{},"tags_all":{}},"identity_schema_version":0,"identity":{"account_id":null,"id":null,"region":null}},{"address":"aws_route_table_association.private[0]","mode":"managed","type":"aws_route_table_association","name":"private","index":0,"provider_name":"registry.terraform.io/hashicorp/aws","schema_version":0,"values":{"gateway_id":null,"region":"us-east-1","timeouts":null},"sensitive_values":{}},{"address":"aws_route_table_association.public[0]","mode":"managed","type":"aws_route_table_association","name":"public","index":0,"provider_name":"registry.terraform.io/hashicorp/aws","schema_version":0,"values":{"gateway_id":null,"region":"us-east-1","timeouts":null},"sensitive_values":{}},{"address":"aws_security_group.ecs_tasks","mode":"managed","type":"aws_security_group","name":"ecs_tasks","provider_name":"registry.terraform.io/hashicorp/aws","schema_version":1,"values":{"description":"Allow outbound access for ECS tasks","egress":[{"cidr_blocks":["0.0.0.0/0"],"description":"","from_port":0,"ipv6_cidr_blocks":[],"prefix_list_ids":[],"protocol":"-1","security_groups":[],"self":false,"to_port":0}],"ingress":[{"cidr_blocks":["0.0.0.0/0"],"description":"Allow all ingress (adjust as needed)","from_port":0,"ipv6_cidr_blocks":[],"prefix_list_ids":[],"protocol":"-1","security_groups":[],"self":false,"to_port":0}],"name":"renovatebot-ecs-tasks-sg","region":"us-east-1","revoke_rules_on_delete":false,"tags":{"Name":"renovatebot-ecs-tasks-sg"},"tags_all":{"Name":"renovatebot-ecs-tasks-sg"},"timeouts":null},"sensitive_values":{"egress":[{"cidr_blocks":[false],"ipv6_cidr_blocks":[],"prefix_list_ids":[],"security_groups":[]}],"ingress":[{"cidr_blocks":[false],"ipv6_cidr_blocks":[],"prefix_list_ids":[],"security_groups":[]}],"tags":{},"tags_all":{}},"identity_schema_version":0,"identity":{"account_id":null,"id":null,"region":null}},{"address":"aws_subnet.private[0]","mode":"managed","type":"aws_subnet","name":"private","index":0,"provider_name":"registry.terraform.io/hashicorp/aws","schema_version":1,"values":{"assign_ipv6_address_on_creation":false,"availability_zone":"us-east-1a","cidr_block":"10.0.2.0/24","customer_owned_ipv4_pool":null,"enable_dns64":false,"enable_lni_at_device_index":null,"enable_resource_name_dns_a_record_on_launch":false,"enable_resource_name_dns_aaaa_record_on_launch":false,"ipv6_cidr_block":null,"ipv6_native":false,"map_customer_owned_ip_on_launch":null,"map_public_ip_on_launch":false,"outpost_arn":null,"region":"us-east-1","tags":{"Name":"renovatebot-private-0"},"tags_all":{"Name":"renovatebot-private-0"},"timeouts":null},"sensitive_values":{"tags":{},"tags_all":{}},"identity_schema_version":0,"identity":{"account_id":null,"id":null,"region":null}},{"address":"aws_subnet.public[0]","mode":"managed","type":"aws_subnet","name":"public","index":0,"provider_name":"registry.terraform.io/hashicorp/aws","schema_version":1,"values":{"assign_ipv6_address_on_creation":false,"availability_zone":"us-east-1a","cidr_block":"10.0.1.0/24","customer_owned_ipv4_pool":null,"enable_dns64":false,"enable_lni_at_device_index":null,"enable_resource_name_dns_a_record_on_launch":false,"enable_resource_name_dns_aaaa_record_on_launch":false,"ipv6_cidr_block":null,"ipv6_native":false,"map_customer_owned_ip_on_launch":null,"map_public_ip_on_launch":true,"outpost_arn":null,"region":"us-east-1","tags":{"Name":"renovatebot-public-0"},"tags_all":{"Name":"renovatebot-public-0"},"timeouts":null},"sensitive_values":{"tags":{},"tags_all":{}},"identity_schema_version":0,"identity":{"account_id":null,"id":null,"region":null}},{"address":"aws_vpc.main","mode":"managed","type":"aws_vpc","name":"main","provider_name":"registry.terraform.io/hashicorp/aws","schema_version":1,"values":{"assign_generated_ipv6_cidr_block":null,"cidr_block":"10.0.0.0/16","enable_dns_hostnames":true,"enable_dns_support":true,"instance_tenancy":"default","ipv4_ipam_pool_id":null,"ipv4_netmask_length":null,"ipv6_ipam_pool_id":null,"ipv6_netmask_length":null,"region":"us-east-1","tags":{"Name":"renovatebot-vpc"},"tags_all":{"Name":"renovatebot-vpc"}},"sensitive_values":{"tags":{},"tags_all":{}},"identity_schema_version":0,"identity":{"account_id":null,"id":null,"region":null}}]}},"resource_changes":[{"address":"aws_cloudwatch_log_group.renovatebot","mode":"managed","type":"aws_cloudwatch_log_group","name":"renovatebot","provider_name":"registry.terraform.io/hashicorp/aws","change":{"actions":["create"],"before":null,"after":{"kms_key_id":null,"name":"/ecs/renovatebot","region":"us-east-1","retention_in_days":7,"skip_destroy":false,"tags":null},"after_unknown":{"arn":true,"deletion_protection_enabled":true,"id":true,"log_group_class":true,"name_prefix":true,"tags_all":true},"before_sensitive":false,"after_sensitive":{"tags_all":{}},"after_identity":{"account_id":null,"name":null,"region":null}}},{"address":"aws_ecs_cluster.main","mode":"managed","type":"aws_ecs_cluster","name":"main","provider_name":"registry.terraform.io/hashicorp/aws","change":{"actions":["create"],"before":null,"after":{"configuration":[],"name":"renovatebot-cluster","region":"us-east-1","service_connect_defaults":[],"tags":null},"after_unknown":{"arn":true,"configuration":[],"id":true,"service_connect_defaults":[],"setting":true,"tags_all":true},"before_sensitive":false,"after_sensitive":{"configuration":[],"service_connect_defaults":[],"setting":[],"tags_all":{}}}},{"address":"aws_ecs_service.renovatebot[0]","mode":"managed","type":"aws_ecs_service","name":"renovatebot","index":0,"provider_name":"registry.terraform.io/hashicorp/aws","change":{"actions":["create"],"before":null,"after":{"alarms":[],"capacity_provider_strategy":[],"deployment_circuit_breaker":[],"deployment_controller":[],"deployment_maximum_percent":200,"deployment_minimum_healthy_percent":100,"desired_count":1,"enable_ecs_managed_tags":false,"enable_execute_command":false,"force_delete":null,"force_new_deployment":null,"health_check_grace_period_seconds":null,"launch_type":"FARGATE","load_balancer":[],"name":"renovatebot-service","network_configuration":[{"assign_public_ip":false}],"ordered_placement_strategy":[],"placement_constraints":[],"propagate_tags":null,"region":"us-east-1","scheduling_strategy":"REPLICA","service_connect_configuration":[],"service_registries":[],"sigint_rollback":null,"tags":null,"timeouts":null,"volume_configuration":[],"vpc_lattice_configurations":[],"wait_for_steady_state":false},"after_unknown":{"alarms":[],"arn":true,"availability_zone_rebalancing":true,"capacity_provider_strategy":[],"cluster":true,"deployment_circuit_breaker":[],"deployment_configuration":true,"deployment_controller":[],"iam_role":true,"id":true,"load_balancer":[],"network_configuration":[{"security_groups":true,"subnets":true}],"ordered_placement_strategy":[],"placement_constraints":[],"platform_version":true,"service_connect_configuration":[],"service_registries":[],"tags_all":true,"task_definition":true,"triggers":true,"volume_configuration":[],"vpc_lattice_configurations":[]},"before_sensitive":false,"after_sensitive":{"alarms":[],"capacity_provider_strategy":[],"deployment_circuit_breaker":[],"deployment_configuration":[],"deployment_controller":[],"load_balancer":[],"network_configuration":[{"security_groups":[],"subnets":[]}],"ordered_placement_strategy":[],"placement_constraints":[],"service_connect_configuration":[],"service_registries":[],"tags_all":{},"triggers":{},"volume_configuration":[],"vpc_lattice_configurations":[]}}},{"address":"aws_ecs_task_definition.renovatebot","mode":"managed","type":"aws_ecs_task_definition","name":"renovatebot","provider_name":"registry.terraform.io/hashicorp/aws","change":{"actions":["create"],"before":null,"after":{"container_definitions":"[{\"environment\":[{\"name\":\"RENOVATE_CONFIG_FILE\",\"value\":\"/tmp/renovate.json\"}],\"essential\":true,\"image\":\"ghcr.io/renovatebot/renovate:36.72.0\",\"logConfiguration\":{\"logDriver\":\"awslogs\",\"options\":{\"awslogs-group\":\"/ecs/renovatebot\",\"awslogs-region\":\"us-east-1\",\"awslogs-stream-prefix\":\"ecs\"}},\"mountPoints\":[],\"name\":\"renovatebot\",\"secrets\":[{\"name\":\"RENOVATE_CONFIG_JSON\",\"valueFrom\":\"\"}]}]","cpu":"256","ephemeral_storage":[],"family":"renovatebot-task","ipc_mode":null,"memory":"512","network_mode":"awsvpc","pid_mode":null,"placement_constraints":[],"proxy_configuration":[],"region":"us-east-1","requires_compatibilities":["FARGATE"],"runtime_platform":[{"cpu_architecture":"X86_64","operating_system_family":"LINUX"}],"skip_destroy":false,"tags":null,"track_latest":false,"volume":[]},"after_unknown":{"arn":true,"arn_without_revision":true,"enable_fault_injection":true,"ephemeral_storage":[],"execution_role_arn":true,"id":true,"placement_constraints":[],"proxy_configuration":[],"requires_compatibilities":[false],"revision":true,"runtime_platform":[{}],"tags_all":true,"task_role_arn":true,"volume":[]},"before_sensitive":false,"after_sensitive":{"ephemeral_storage":[],"placement_constraints":[],"proxy_configuration":[],"requires_compatibilities":[false],"runtime_platform":[{}],"tags_all":{},"volume":[]}}},{"address":"aws_eip.nat","mode":"managed","type":"aws_eip","name":"nat","provider_name":"registry.terraform.io/hashicorp/aws","change":{"actions":["create"],"before":null,"after":{"address":null,"associate_with_private_ip":null,"customer_owned_ipv4_pool":null,"domain":"vpc","region":"us-east-1","tags":null,"timeouts":null},"after_unknown":{"allocation_id":true,"arn":true,"association_id":true,"carrier_ip":true,"customer_owned_ip":true,"id":true,"instance":true,"ipam_pool_id":true,"network_border_group":true,"network_interface":true,"private_dns":true,"private_ip":true,"ptr_record":true,"public_dns":true,"public_ip":true,"public_ipv4_pool":true,"tags_all":true},"before_sensitive":false,"after_sensitive":{"tags_all":{}}}},{"address":"aws_iam_role.ecs_task_execution","mode":"managed","type":"aws_iam_role","name":"ecs_task_execution","provider_name":"registry.terraform.io/hashicorp/aws","change":{"actions":["create"],"before":null,"after":{"assume_role_policy":"{\"Statement\":[{\"Action\":\"sts:AssumeRole\",\"Effect\":\"Allow\",\"Principal\":{\"Service\":\"ecs-tasks.amazonaws.com\"}}],\"Version\":\"2012-10-17\"}","description":null,"force_detach_policies":false,"max_session_duration":3600,"name":"renovatebot-ecs-task-execution-role","path":"/","permissions_boundary":null,"tags":null},"after_unknown":{"arn":true,"create_date":true,"id":true,"inline_policy":true,"managed_policy_arns":true,"name_prefix":true,"tags_all":true,"unique_id":true},"before_sensitive":false,"after_sensitive":{"inline_policy":[],"managed_policy_arns":[],"tags_all":{}},"after_identity":{"account_id":null,"name":null}}},{"address":"aws_iam_role_policy.renovatebot_access","mode":"managed","type":"aws_iam_role_policy","name":"renovatebot_access","provider_name":"registry.terraform.io/hashicorp/aws","change":{"actions":["create"],"before":null,"after":{"name":"renovatebot-access-policy","policy":"{\"Version\":\"2012-10-17\",\"Statement\":[{\"Action\":[\"secretsmanager:GetSecretValue\",\"secretsmanager:DescribeSecret\"],\"Effect\":\"Allow\",\"Resource\":\"\"},{\"Action\":[\"logs:PutLogEvents\",\"logs:CreateLogStream\"],\"Effect\":\"Allow\",\"Resource\":\"*\"}]}"},"after_unknown":{"id":true,"name_prefix":true,"role":true},"before_sensitive":false,"after_sensitive":{},"after_identity":{"account_id":null,"name":null,"role":null}}},{"address":"aws_iam_role_policy_attachment.ecs_task_execution_policy","mode":"managed","type":"aws_iam_role_policy_attachment","name":"ecs_task_execution_policy","provider_name":"registry.terraform.io/hashicorp/aws","change":{"actions":["create"],"before":null,"after":{"policy_arn":"arn:aws:iam::aws:policy/service-role/AmazonECSTaskExecutionRolePolicy","role":"renovatebot-ecs-task-execution-role"},"after_unknown":{"id":true},"before_sensitive":false,"after_sensitive":{},"after_identity":{"account_id":null,"policy_arn":null,"role":null}}},{"address":"aws_internet_gateway.main","mode":"managed","type":"aws_internet_gateway","name":"main","provider_name":"registry.terraform.io/hashicorp/aws","change":{"actions":["create"],"before":null,"after":{"region":"us-east-1","tags":{"Name":"renovatebot-igw"},"tags_all":{"Name":"renovatebot-igw"},"timeouts":null},"after_unknown":{"arn":true,"id":true,"owner_id":true,"tags":{},"tags_all":{},"vpc_id":true},"before_sensitive":false,"after_sensitive":{"tags":{},"tags_all":{}}}},{"address":"aws_nat_gateway.main","mode":"managed","type":"aws_nat_gateway","name":"main","provider_name":"registry.terraform.io/hashicorp/aws","change":{"actions":["create"],"before":null,"after":{"availability_zone_address":[],"connectivity_type":"public","region":"us-east-1","tags":{"Name":"renovatebot-nat"},"tags_all":{"Name":"renovatebot-nat"},"timeouts":null},"after_unknown":{"allocation_id":true,"association_id":true,"auto_provision_zones":true,"auto_scaling_ips":true,"availability_mode":true,"availability_zone_address":[],"id":true,"network_interface_id":true,"private_ip":true,"public_ip":true,"regional_nat_gateway_address":true,"regional_nat_gateway_auto_mode":true,"route_table_id":true,"secondary_allocation_ids":true,"secondary_private_ip_address_count":true,"secondary_private_ip_addresses":true,"subnet_id":true,"tags":{},"tags_all":{},"vpc_id":true},"before_sensitive":false,"after_sensitive":{"availability_zone_address":[],"regional_nat_gateway_address":[],"secondary_allocation_ids":[],"secondary_private_ip_addresses":[],"tags":{},"tags_all":{}}}},{"address":"aws_route.private_nat_gateway","mode":"managed","type":"aws_route","name":"private_nat_gateway","provider_name":"registry.terraform.io/hashicorp/aws","change":{"actions":["create"],"before":null,"after":{"carrier_gateway_id":null,"core_network_arn":null,"destination_cidr_block":"0.0.0.0/0","destination_ipv6_cidr_block":null,"destination_prefix_list_id":null,"egress_only_gateway_id":null,"gateway_id":null,"local_gateway_id":null,"region":"us-east-1","timeouts":null,"transit_gateway_id":null,"vpc_endpoint_id":null,"vpc_peering_connection_id":null},"after_unknown":{"id":true,"instance_id":true,"instance_owner_id":true,"nat_gateway_id":true,"network_interface_id":true,"origin":true,"route_table_id":true,"state":true},"before_sensitive":false,"after_sensitive":{},"after_identity":{"account_id":null,"destination_cidr_block":null,"destination_ipv6_cidr_block":null,"destination_prefix_list_id":null,"region":null,"route_table_id":null}}},{"address":"aws_route.public_internet_access","mode":"managed","type":"aws_route","name":"public_internet_access","provider_name":"registry.terraform.io/hashicorp/aws","change":{"actions":["create"],"before":null,"after":{"carrier_gateway_id":null,"core_network_arn":null,"destination_cidr_block":"0.0.0.0/0","destination_ipv6_cidr_block":null,"destination_prefix_list_id":null,"egress_only_gateway_id":null,"local_gateway_id":null,"nat_gateway_id":null,"region":"us-east-1","timeouts":null,"transit_gateway_id":null,"vpc_endpoint_id":null,"vpc_peering_connection_id":null},"after_unknown":{"gateway_id":true,"id":true,"instance_id":true,"instance_owner_id":true,"network_interface_id":true,"origin":true,"route_table_id":true,"state":true},"before_sensitive":false,"after_sensitive":{},"after_identity":{"account_id":null,"destination_cidr_block":null,"destination_ipv6_cidr_block":null,"destination_prefix_list_id":null,"region":null,"route_table_id":null}}},{"address":"aws_route_table.private","mode":"managed","type":"aws_route_table","name":"private","provider_name":"registry.terraform.io/hashicorp/aws","change":{"actions":["create"],"before":null,"after":{"region":"us-east-1","tags":{"Name":"renovatebot-private-rt"},"tags_all":{"Name":"renovatebot-private-rt"},"timeouts":null},"after_unknown":{"arn":true,"id":true,"owner_id":true,"propagating_vgws":true,"route":true,"tags":{},"tags_all":{},"vpc_id":true},"before_sensitive":false,"after_sensitive":{"propagating_vgws":[],"route":[],"tags":{},"tags_all":{}},"after_identity":{"account_id":null,"id":null,"region":null}}},{"address":"aws_route_table.public","mode":"managed","type":"aws_route_table","name":"public","provider_name":"registry.terraform.io/hashicorp/aws","change":{"actions":["create"],"before":null,"after":{"region":"us-east-1","tags":{"Name":"renovatebot-public-rt"},"tags_all":{"Name":"renovatebot-public-rt"},"timeouts":null},"after_unknown":{"arn":true,"id":true,"owner_id":true,"propagating_vgws":true,"route":true,"tags":{},"tags_all":{},"vpc_id":true},"before_sensitive":false,"after_sensitive":{"propagating_vgws":[],"route":[],"tags":{},"tags_all":{}},"after_identity":{"account_id":null,"id":null,"region":null}}},{"address":"aws_route_table_association.private[0]","mode":"managed","type":"aws_route_table_association","name":"private","index":0,"provider_name":"registry.terraform.io/hashicorp/aws","change":{"actions":["create"],"before":null,"after":{"gateway_id":null,"region":"us-east-1","timeouts":null},"after_unknown":{"id":true,"route_table_id":true,"subnet_id":true},"before_sensitive":false,"after_sensitive":{}}},{"address":"aws_route_table_association.public[0]","mode":"managed","type":"aws_route_table_association","name":"public","index":0,"provider_name":"registry.terraform.io/hashicorp/aws","change":{"actions":["create"],"before":null,"after":{"gateway_id":null,"region":"us-east-1","timeouts":null},"after_unknown":{"id":true,"route_table_id":true,"subnet_id":true},"before_sensitive":false,"after_sensitive":{}}},{"address":"aws_security_group.ecs_tasks","mode":"managed","type":"aws_security_group","name":"ecs_tasks","provider_name":"registry.terraform.io/hashicorp/aws","change":{"actions":["create"],"before":null,"after":{"description":"Allow outbound access for ECS tasks","egress":[{"cidr_blocks":["0.0.0.0/0"],"description":"","from_port":0,"ipv6_cidr_blocks":[],"prefix_list_ids":[],"protocol":"-1","security_groups":[],"self":false,"to_port":0}],"ingress":[{"cidr_blocks":["0.0.0.0/0"],"description":"Allow all ingress (adjust as needed)","from_port":0,"ipv6_cidr_blocks":[],"prefix_list_ids":[],"protocol":"-1","security_groups":[],"self":false,"to_port":0}],"name":"renovatebot-ecs-tasks-sg","region":"us-east-1","revoke_rules_on_delete":false,"tags":{"Name":"renovatebot-ecs-tasks-sg"},"tags_all":{"Name":"renovatebot-ecs-tasks-sg"},"timeouts":null},"after_unknown":{"arn":true,"egress":[{"cidr_blocks":[false],"ipv6_cidr_blocks":[],"prefix_list_ids":[],"security_groups":[]}],"id":true,"ingress":[{"cidr_blocks":[false],"ipv6_cidr_blocks":[],"prefix_list_ids":[],"security_groups":[]}],"name_prefix":true,"owner_id":true,"tags":{},"tags_all":{},"vpc_id":true},"before_sensitive":false,"after_sensitive":{"egress":[{"cidr_blocks":[false],"ipv6_cidr_blocks":[],"prefix_list_ids":[],"security_groups":[]}],"ingress":[{"cidr_blocks":[false],"ipv6_cidr_blocks":[],"prefix_list_ids":[],"security_groups":[]}],"tags":{},"tags_all":{}},"after_identity":{"account_id":null,"id":null,"region":null}}},{"address":"aws_subnet.private[0]","mode":"managed","type":"aws_subnet","name":"private","index":0,"provider_name":"registry.terraform.io/hashicorp/aws","change":{"actions":["create"],"before":null,"after":{"assign_ipv6_address_on_creation":false,"availability_zone":"us-east-1a","cidr_block":"10.0.2.0/24","customer_owned_ipv4_pool":null,"enable_dns64":false,"enable_lni_at_device_index":null,"enable_resource_name_dns_a_record_on_launch":false,"enable_resource_name_dns_aaaa_record_on_launch":false,"ipv6_cidr_block":null,"ipv6_native":false,"map_customer_owned_ip_on_launch":null,"map_public_ip_on_launch":false,"outpost_arn":null,"region":"us-east-1","tags":{"Name":"renovatebot-private-0"},"tags_all":{"Name":"renovatebot-private-0"},"timeouts":null},"after_unknown":{"arn":true,"availability_zone_id":true,"id":true,"ipv6_cidr_block_association_id":true,"owner_id":true,"private_dns_hostname_type_on_launch":true,"tags":{},"tags_all":{},"vpc_id":true},"before_sensitive":false,"after_sensitive":{"tags":{},"tags_all":{}},"after_identity":{"account_id":null,"id":null,"region":null}}},{"address":"aws_subnet.public[0]","mode":"managed","type":"aws_subnet","name":"public","index":0,"provider_name":"registry.terraform.io/hashicorp/aws","change":{"actions":["create"],"before":null,"after":{"assign_ipv6_address_on_creation":false,"availability_zone":"us-east-1a","cidr_block":"10.0.1.0/24","customer_owned_ipv4_pool":null,"enable_dns64":false,"enable_lni_at_device_index":null,"enable_resource_name_dns_a_record_on_launch":false,"enable_resource_name_dns_aaaa_record_on_launch":false,"ipv6_cidr_block":null,"ipv6_native":false,"map_customer_owned_ip_on_launch":null,"map_public_ip_on_launch":true,"outpost_arn":null,"region":"us-east-1","tags":{"Name":"renovatebot-public-0"},"tags_all":{"Name":"renovatebot-public-0"},"timeouts":null},"after_unknown":{"arn":true,"availability_zone_id":true,"id":true,"ipv6_cidr_block_association_id":true,"owner_id":true,"private_dns_hostname_type_on_launch":true,"tags":{},"tags_all":{},"vpc_id":true},"before_sensitive":false,"after_sensitive":{"tags":{},"tags_all":{}},"after_identity":{"account_id":null,"id":null,"region":null}}},{"address":"aws_vpc.main","mode":"managed","type":"aws_vpc","name":"main","provider_name":"registry.terraform.io/hashicorp/aws","change":{"actions":["create"],"before":null,"after":{"assign_generated_ipv6_cidr_block":null,"cidr_block":"10.0.0.0/16","enable_dns_hostnames":true,"enable_dns_support":true,"instance_tenancy":"default","ipv4_ipam_pool_id":null,"ipv4_netmask_length":null,"ipv6_ipam_pool_id":null,"ipv6_netmask_length":null,"region":"us-east-1","tags":{"Name":"renovatebot-vpc"},"tags_all":{"Name":"renovatebot-vpc"}},"after_unknown":{"arn":true,"default_network_acl_id":true,"default_route_table_id":true,"default_security_group_id":true,"dhcp_options_id":true,"enable_network_address_usage_metrics":true,"id":true,"ipv6_association_id":true,"ipv6_cidr_block":true,"ipv6_cidr_block_network_border_group":true,"main_route_table_id":true,"owner_id":true,"tags":{},"tags_all":{}},"before_sensitive":false,"after_sensitive":{"tags":{},"tags_all":{}},"after_identity":{"account_id":null,"id":null,"region":null}}}],"output_changes":{"cloudwatch_log_group_name":{"actions":["create"],"before":null,"after":"/ecs/renovatebot","after_unknown":false,"before_sensitive":false,"after_sensitive":false},"ecs_cluster_id":{"actions":["create"],"before":null,"after_unknown":true,"before_sensitive":false,"after_sensitive":false},"ecs_service_name":{"actions":["create"],"before":null,"after":"renovatebot-service","after_unknown":false,"before_sensitive":false,"after_sensitive":false},"private_subnet_ids":{"actions":["create"],"before":null,"after":[null],"after_unknown":[true],"before_sensitive":false,"after_sensitive":false},"public_subnet_ids":{"actions":["create"],"before":null,"after":[null],"after_unknown":[true],"before_sensitive":false,"after_sensitive":false},"vpc_id":{"actions":["create"],"before":null,"after_unknown":true,"before_sensitive":false,"after_sensitive":false}},"prior_state":{"format_version":"1.0","terraform_version":"1.13.5","values":{"outputs":{"cloudwatch_log_group_name":{"sensitive":false,"value":"/ecs/renovatebot","type":"string"},"ecs_service_name":{"sensitive":false,"value":"renovatebot-service","type":"string"}},"root_module":{"resources":[{"address":"data.aws_availability_zones.available","mode":"data","type":"aws_availability_zones","name":"available","provider_name":"registry.terraform.io/hashicorp/aws","schema_version":0,"values":{"all_availability_zones":null,"exclude_names":null,"exclude_zone_ids":null,"filter":null,"group_names":[""],"id":"us-east-1","names":["us-east-1a","us-east-1b","us-east-1c","us-east-1d","us-east-1e","us-east-1f"],"region":"us-east-1","state":null,"timeouts":null,"zone_ids":["use1-az6","use1-az1","use1-az2","use1-az4","use1-az3","use1-az5"]},"sensitive_values":{"group_names":[false],"names":[false,false,false,false,false,false],"zone_ids":[false,false,false,false,false,false]}},{"address":"data.aws_iam_policy_document.ecs_task_assume_role_policy","mode":"data","type":"aws_iam_policy_document","name":"ecs_task_assume_role_policy","provider_name":"registry.terraform.io/hashicorp/aws","schema_version":0,"values":{"id":"1077804475","json":"{\n  \"Version\": \"2012-10-17\",\n  \"Statement\": [\n    {\n      \"Effect\": \"Allow\",\n      \"Action\": \"sts:AssumeRole\",\n      \"Principal\": {\n        \"Service\": \"ecs-tasks.amazonaws.com\"\n      }\n    }\n  ]\n}","minified_json":"{\"Version\":\"2012-10-17\",\"Statement\":[{\"Effect\":\"Allow\",\"Action\":\"sts:AssumeRole\",\"Principal\":{\"Service\":\"ecs-tasks.amazonaws.com\"}}]}","override_json":null,"override_policy_documents":null,"policy_id":null,"source_json":null,"source_policy_documents":null,"statement":[{"actions":["sts:AssumeRole"],"condition":[],"effect":"Allow","not_actions":[],"not_principals":[],"not_resources":[],"principals":[{"identifiers":["ecs-tasks.amazonaws.com"],"type":"Service"}],"resources":[],"sid":""}],"version":"2012-10-17"},"sensitive_values":{"statement":[{"actions":[false],"condition":[],"not_actions":[],"not_principals":[],"not_resources":[],"principals":[{"identifiers":[false]}],"resources":[]}]}},{"address":"data.aws_iam_policy_document.renovatebot_access","mode":"data","type":"aws_iam_policy_document","name":"renovatebot_access","provider_name":"registry.terraform.io/hashicorp/aws","schema_version":0,"values":{"id":"11021164","json":"{\n  \"Version\": \"2012-10-17\",\n  \"Statement\": [\n    {\n      \"Effect\": \"Allow\",\n      \"Action\": [\n        \"secretsmanager:GetSecretValue\",\n        \"secretsmanager:DescribeSecret\"\n      ],\n      \"Resource\": \"\"\n    },\n    {\n      \"Effect\": \"Allow\",\n      \"Action\": [\n        \"logs:PutLogEvents\",\n        \"logs:CreateLogStream\"\n      ],\n      \"Resource\": \"*\"\n    }\n  ]\n}","minified_json":"{\"Version\":\"2012-10-17\",\"Statement\":[{\"Effect\":\"Allow\",\"Action\":[\"secretsmanager:GetSecretValue\",\"secretsmanager:DescribeSecret\"],\"Resource\":\"\"},{\"Effect\":\"Allow\",\"Action\":[\"logs:PutLogEvents\",\"logs:CreateLogStream\"],\"Resource\":\"*\"}]}","override_json":null,"override_policy_documents":null,"policy_id":null,"source_json":null,"source_policy_documents":null,"statement":[{"actions":["secretsmanager:DescribeSecret","secretsmanager:GetSecretValue"],"condition":[],"effect":"Allow","not_actions":[],"not_principals":[],"not_resources":[],"principals":[],"resources":[""],"sid":""},{"actions":["logs:CreateLogStream","logs:PutLogEvents"],"condition":[],"effect":"Allow","not_actions":[],"not_principals":[],"not_resources":[],"principals":[],"resources":["*"],"sid":""}],"version":"2012-10-17"},"sensitive_values":{"statement":[{"actions":[false,false],"condition":[],"not_actions":[],"not_principals":[],"not_resources":[],"principals":[],"resources":[false]},{"actions":[false,false],"condition":[],"not_actions":[],"not_principals":[],"not_resources":[],"principals":[],"resources":[false]}]}}]}}},"configuration":{"provider_config":{"aws":{"name":"aws","full_name":"registry.terraform.io/hashicorp/aws","version_constraint":"\u003e= 4.0.0","expressions":{"region":{"references":["var.aws_region"]}}}},"root_module":{"outputs":{"cloudwatch_log_group_name":{"expression":{"references":["aws_cloudwatch_log_group.renovatebot.name","aws_cloudwatch_log_group.renovatebot"]}},"ecs_cluster_id":{"expression":{"references":["aws_ecs_cluster.main.id","aws_ecs_cluster.main"]}},"ecs_service_name":{"expression":{"references":["aws_ecs_service.renovatebot","aws_ecs_service.renovatebot[0].name","aws_ecs_service.renovatebot[0]","aws_ecs_service.renovatebot"]}},"private_subnet_ids":{"expression":{"references":["aws_subnet.private"]}},"public_subnet_ids":{"expression":{"references":["aws_subnet.public"]}},"vpc_id":{"expression":{"references":["aws_vpc.main.id","aws_vpc.main"]}}},"resources":[{"address":"aws_cloudwatch_event_rule.renovatebot_schedule","mode":"managed","type":"aws_cloudwatch_event_rule","name":"renovatebot_schedule","provider_config_key":"aws","expressions":{"name":{"constant_value":"renovatebot-schedule"},"schedule_expression":{"references":["var.renovatebot_schedule_expression"]}},"schema_version":1,"count_expression":{"references":["var.renovatebot_schedule_expression"]}},{"address":"aws_cloudwatch_event_target.renovatebot","mode":"managed","type":"aws_cloudwatch_event_target","name":"renovatebot","provider_config_key":"aws","expressions":{"arn":{"references":["aws_ecs_cluster.main.arn","aws_ecs_cluster.main"]},"ecs_target":[{"launch_type":{"constant_value":"FARGATE"},"network_configuration":[{"assign_public_ip":{"constant_value":false},"security_groups":{"references":["aws_security_group.ecs_tasks.id","aws_security_group.ecs_tasks"]},"subnets":{"references":["aws_subnet.private"]}}],"task_count":{"constant_value":1},"task_definition_arn":{"references":["aws_ecs_task_definition.renovatebot.arn","aws_ecs_task_definition.renovatebot"]}}],"role_arn":{"references":["aws_iam_role.ecs_task_execution.arn","aws_iam_role.ecs_task_execution"]},"rule":{"references":["aws_cloudwatch_event_rule.renovatebot_schedule[0].name","aws_cloudwatch_event_rule.renovatebot_schedule[0]","aws_cloudwatch_event_rule.renovatebot_schedule"]}},"schema_version":1,"count_expression":{"references":["var.renovatebot_schedule_expression"]}},{"address":"aws_cloudwatch_log_group.renovatebot","mode":"managed","type":"aws_cloudwatch_log_group","name":"renovatebot","provider_config_key":"aws","expressions":{"name":{"constant_value":"/ecs/renovatebot"},"retention_in_days":{"constant_value":7}},"schema_version":0},{"address":"aws_ecs_cluster.main","mode":"managed","type":"aws_ecs_cluster","name":"main","provider_config_key":"aws","expressions":{"name":{"constant_value":"renovatebot-cluster"}},"schema_version":0},{"address":"aws_ecs_service.renovatebot","mode":"managed","type":"aws_ecs_service","name":"renovatebot","provider_config_key":"aws","expressions":{"cluster":{"references":["aws_ecs_cluster.main.id","aws_ecs_cluster.main"]},"desired_count":{"constant_value":1},"launch_type":{"constant_value":"FARGATE"},"name":{"constant_value":"renovatebot-service"},"network_configuration":[{"assign_public_ip":{"constant_value":false},"security_groups":{"references":["aws_security_group.ecs_tasks.id","aws_security_group.ecs_tasks"]},"subnets":{"references":["aws_subnet.private"]}}],"task_definition":{"references":["aws_ecs_task_definition.renovatebot.arn","aws_ecs_task_definition.renovatebot"]}},"schema_version":1,"count_expression":{"references":["var.renovatebot_schedule_expression"]},"depends_on":["aws_iam_role_policy_attachment.ecs_task_execution_policy"]},{"address":"aws_ecs_task_definition.renovatebot","mode":"managed","type":"aws_ecs_task_definition","name":"renovatebot","provider_config_key":"aws","expressions":{"container_definitions":{"references":["var.renovatebot_image","aws_cloudwatch_log_group.renovatebot.name","aws_cloudwatch_log_group.renovatebot","var.aws_region","var.renovatebot_secret_arn"]},"cpu":{"references":["var.renovatebot_task_cpu"]},"execution_role_arn":{"references":["aws_iam_role.ecs_task_execution.arn","aws_iam_role.ecs_task_execution"]},"family":{"constant_value":"renovatebot-task"},"memory":{"references":["var.renovatebot_task_memory"]},"network_mode":{"constant_value":"awsvpc"},"requires_compatibilities":{"constant_value":["FARGATE"]},"runtime_platform":[{"cpu_architecture":{"constant_value":"X86_64"},"operating_system_family":{"constant_value":"LINUX"}}],"task_role_arn":{"references":["aws_iam_role.ecs_task_execution.arn","aws_iam_role.ecs_task_execution"]}},"schema_version":1},{"address":"aws_eip.nat","mode":"managed","type":"aws_eip","name":"nat","provider_config_key":"aws","expressions":{"domain":{"constant_value":"vpc"}},"schema_version":0},{"address":"aws_iam_role.ecs_task_execution","mode":"managed","type":"aws_iam_role","name":"ecs_task_execution","provider_config_key":"aws","expressions":{"assume_role_policy":{"references":["data.aws_iam_policy_document.ecs_task_assume_role_policy.json","data.aws_iam_policy_document.ecs_task_assume_role_policy"]},"name":{"constant_value":"renovatebot-ecs-task-execution-role"}},"schema_version":0},{"address":"aws_iam_role_policy.renovatebot_access","mode":"managed","type":"aws_iam_role_policy","name":"renovatebot_access","provider_config_key":"aws","expressions":{"name":{"constant_value":"renovatebot-access-policy"},"policy":{"references":["data.aws_iam_policy_document.renovatebot_access.json","data.aws_iam_policy_document.renovatebot_access"]},"role":{"references":["aws_iam_role.ecs_task_execution.id","aws_iam_role.ecs_task_execution"]}},"schema_version":0},{"address":"aws_iam_role_policy_attachment.ecs_task_execution_policy","mode":"managed","type":"aws_iam_role_policy_attachment","name":"ecs_task_execution_policy","provider_config_key":"aws","expressions":{"policy_arn":{"constant_value":"arn:aws:iam::aws:policy/service-role/AmazonECSTaskExecutionRolePolicy"},"role":{"references":["aws_iam_role.ecs_task_execution.name","aws_iam_role.ecs_task_execution"]}},"schema_version":0},{"address":"aws_internet_gateway.main","mode":"managed","type":"aws_internet_gateway","name":"main","provider_config_key":"aws","expressions":{"tags":{"constant_value":{"Name":"renovatebot-igw"}},"vpc_id":{"references":["aws_vpc.main.id","aws_vpc.main"]}},"schema_version":0},{"address":"aws_nat_gateway.main","mode":"managed","type":"aws_nat_gateway","name":"main","provider_config_key":"aws","expressions":{"allocation_id":{"references":["aws_eip.nat.id","aws_eip.nat"]},"subnet_id":{"references":["aws_subnet.public[0].id","aws_subnet.public[0]","aws_subnet.public"]},"tags":{"constant_value":{"Name":"renovatebot-nat"}}},"schema_version":0},{"address":"aws_route.private_nat_gateway","mode":"managed","type":"aws_route","name":"private_nat_gateway","provider_config_key":"aws","expressions":{"destination_cidr_block":{"constant_value":"0.0.0.0/0"},"nat_gateway_id":{"references":["aws_nat_gateway.main.id","aws_nat_gateway.main"]},"route_table_id":{"references":["aws_route_table.private.id","aws_route_table.private"]}},"schema_version":0},{"address":"aws_route.public_internet_access","mode":"managed","type":"aws_route","name":"public_internet_access","provider_config_key":"aws","expressions":{"destination_cidr_block":{"constant_value":"0.0.0.0/0"},"gateway_id":{"references":["aws_internet_gateway.main.id","aws_internet_gateway.main"]},"route_table_id":{"references":["aws_route_table.public.id","aws_route_table.public"]}},"schema_version":0},{"address":"aws_route_table.private","mode":"managed","type":"aws_route_table","name":"private","provider_config_key":"aws","expressions":{"tags":{"constant_value":{"Name":"renovatebot-private-rt"}},"vpc_id":{"references":["aws_vpc.main.id","aws_vpc.main"]}},"schema_version":0},{"address":"aws_route_table.public","mode":"managed","type":"aws_route_table","name":"public","provider_config_key":"aws","expressions":{"tags":{"constant_value":{"Name":"renovatebot-public-rt"}},"vpc_id":{"references":["aws_vpc.main.id","aws_vpc.main"]}},"schema_version":0},{"address":"aws_route_table_association.private","mode":"managed","type":"aws_route_table_association","name":"private","provider_config_key":"aws","expressions":{"route_table_id":{"references":["aws_route_table.private.id","aws_route_table.private"]},"subnet_id":{"references":["aws_subnet.private","count.index"]}},"schema_version":0,"count_expression":{"references":["var.private_subnet_cidrs"]}},{"address":"aws_route_table_association.public","mode":"managed","type":"aws_route_table_association","name":"public","provider_config_key":"aws","expressions":{"route_table_id":{"references":["aws_route_table.public.id","aws_route_table.public"]},"subnet_id":{"references":["aws_subnet.public","count.index"]}},"schema_version":0,"count_expression":{"references":["var.public_subnet_cidrs"]}},{"address":"aws_security_group.ecs_tasks","mode":"managed","type":"aws_security_group","name":"ecs_tasks","provider_config_key":"aws","expressions":{"description":{"constant_value":"Allow outbound access for ECS tasks"},"egress":{"constant_value":[{"cidr_blocks":["0.0.0.0/0"],"description":null,"from_port":0,"ipv6_cidr_blocks":null,"prefix_list_ids":null,"protocol":"-1","security_groups":null,"self":null,"to_port":0}]},"ingress":{"constant_value":[{"cidr_blocks":["0.0.0.0/0"],"description":"Allow all ingress (adjust as needed)","from_port":0,"ipv6_cidr_blocks":null,"prefix_list_ids":null,"protocol":"-1","security_groups":null,"self":null,"to_port":0}]},"name":{"constant_value":"renovatebot-ecs-tasks-sg"},"tags":{"constant_value":{"Name":"renovatebot-ecs-tasks-sg"}},"vpc_id":{"references":["aws_vpc.main.id","aws_vpc.main"]}},"schema_version":1},{"address":"aws_subnet.private","mode":"managed","type":"aws_subnet","name":"private","provider_config_key":"aws","expressions":{"availability_zone":{"references":["data.aws_availability_zones.available.names","data.aws_availability_zones.available","count.index"]},"cidr_block":{"references":["var.private_subnet_cidrs","count.index"]},"tags":{"references":["count.index"]},"vpc_id":{"references":["aws_vpc.main.id","aws_vpc.main"]}},"schema_version":1,"count_expression":{"references":["var.private_subnet_cidrs"]}},{"address":"aws_subnet.public","mode":"managed","type":"aws_subnet","name":"public","provider_config_key":"aws","expressions":{"availability_zone":{"references":["data.aws_availability_zones.available.names","data.aws_availability_zones.available","count.index"]},"cidr_block":{"references":["var.public_subnet_cidrs","count.index"]},"map_public_ip_on_launch":{"constant_value":true},"tags":{"references":["count.index"]},"vpc_id":{"references":["aws_vpc.main.id","aws_vpc.main"]}},"schema_version":1,"count_expression":{"references":["var.public_subnet_cidrs"]}},{"address":"aws_vpc.main","mode":"managed","type":"aws_vpc","name":"main","provider_config_key":"aws","expressions":{"cidr_block":{"references":["var.vpc_cidr"]},"enable_dns_hostnames":{"constant_value":true},"enable_dns_support":{"constant_value":true},"tags":{"constant_value":{"Name":"renovatebot-vpc"}}},"schema_version":1},{"address":"data.aws_availability_zones.available","mode":"data","type":"aws_availability_zones","name":"available","provider_config_key":"aws","schema_version":0},{"address":"data.aws_iam_policy_document.ecs_task_assume_role_policy","mode":"data","type":"aws_iam_policy_document","name":"ecs_task_assume_role_policy","provider_config_key":"aws","expressions":{"statement":[{"actions":{"constant_value":["sts:AssumeRole"]},"principals":[{"identifiers":{"constant_value":["ecs-tasks.amazonaws.com"]},"type":{"constant_value":"Service"}}]}]},"schema_version":0},{"address":"data.aws_iam_policy_document.renovatebot_access","mode":"data","type":"aws_iam_policy_document","name":"renovatebot_access","provider_config_key":"aws","expressions":{"statement":[{"actions":{"constant_value":["secretsmanager:GetSecretValue","secretsmanager:DescribeSecret"]},"effect":{"constant_value":"Allow"},"resources":{"references":["var.renovatebot_secret_arn"]}},{"actions":{"constant_value":["logs:CreateLogStream","logs:PutLogEvents"]},"effect":{"constant_value":"Allow"},"resources":{"constant_value":["*"]}}]},"schema_version":0}],"variables":{"aws_region":{"default":"us-east-1","description":"AWS region to deploy resources in."},"private_subnet_cidrs":{"default":["10.0.2.0/24"],"description":"List of CIDR blocks for private subnets."},"public_subnet_cidrs":{"default":["10.0.1.0/24"],"description":"List of CIDR blocks for public subnets."},"renovatebot_image":{"default":"ghcr.io/renovatebot/renovate:36.72.0","description":"Docker image for RenovateBot."},"renovatebot_schedule_expression":{"default":"","description":"(Optional) Schedule expression for running RenovateBot (e.g., cron). Leave empty to run as a service."},"renovatebot_secret_arn":{"default":"","description":"ARN of the Secrets Manager secret containing renovate.json."},"renovatebot_task_cpu":{"default":256,"description":"CPU units for the RenovateBot ECS task."},"renovatebot_task_memory":{"default":512,"description":"Memory (in MiB) for the RenovateBot ECS task."},"vpc_cidr":{"default":"10.0.0.0/16","description":"CIDR block for the VPC."}}}},"relevant_attributes":[{"resource":"data.aws_iam_policy_document.ecs_task_assume_role_policy","attribute":["json"]},{"resource":"data.aws_availability_zones.available","attribute":["names"]},{"resource":"data.aws_iam_policy_document.renovatebot_access","attribute":["json"]},{"resource":"aws_eip.nat","attribute":["id"]},{"resource":"aws_subnet.public","attribute":[]},{"resource":"aws_internet_gateway.main","attribute":["id"]},{"resource":"aws_vpc.main","attribute":["id"]},{"resource":"aws_ecs_service.renovatebot[0]","attribute":["name"]},{"resource":"aws_subnet.private","attribute":[]},{"resource":"aws_iam_role.ecs_task_execution","attribute":["arn"]},{"resource":"aws_ecs_cluster.main","attribute":["id"]},{"resource":"aws_nat_gateway.main","attribute":["id"]},{"resource":"aws_ecs_service.renovatebot","attribute":[]},{"resource":"aws_ecs_task_definition.renovatebot","attribute":["arn"]},{"resource":"aws_iam_role.ecs_task_execution","attribute":["id"]},{"resource":"aws_iam_role.ecs_task_execution","attribute":["name"]},{"resource":"aws_cloudwatch_log_group.renovatebot","attribute":["name"]},{"resource":"aws_route_table.public","attribute":["id"]},{"resource":"aws_route_table.private","attribute":["id"]},{"resource":"aws_security_group.ecs_tasks","attribute":["id"]},{"resource":"aws_subnet.public[0]","attribute":["id"]}],"timestamp":"2026-01-18T13:25:44Z","applyable":true,"complete":true,"errored":false}
