data.aws_iam_policy_document.flink_assume_role_policy: Reading...
data.aws_iam_policy_document.flink_assume_role_policy: Read complete after 0s [id=1895348101]

Terraform used the selected providers to generate the following execution
plan. Resource actions are indicated with the following symbols:
  + create
 <= read (data resources)

Terraform will perform the following actions:

  # data.aws_iam_policy_document.flink_job_policy will be read during apply
  # (config refers to values not yet known)
 <= data "aws_iam_policy_document" "flink_job_policy" {
      + id            = (known after apply)
      + json          = (known after apply)
      + minified_json = (known after apply)

      + statement {
          + actions   = [
              + "s3:GetObject",
              + "s3:ListBucket",
              + "s3:PutObject",
            ]
          + resources = [
              + (known after apply),
              + (known after apply),
            ]
        }
    }

  # aws_iam_role.flink_job_role will be created
  + resource "aws_iam_role" "flink_job_role" {
      + arn                   = (known after apply)
      + assume_role_policy    = jsonencode(
            {
              + Statement = [
                  + {
                      + Action    = "sts:AssumeRole"
                      + Effect    = "Allow"
                      + Principal = {
                          + Service = [
                              + "ecs-tasks.amazonaws.com",
                              + "ec2.amazonaws.com",
                            ]
                        }
                    },
                ]
              + Version   = "2012-10-17"
            }
        )
      + create_date           = (known after apply)
      + force_detach_policies = false
      + id                    = (known after apply)
      + managed_policy_arns   = (known after apply)
      + max_session_duration  = 3600
      + name                  = (known after apply)
      + name_prefix           = (known after apply)
      + path                  = "/"
      + tags                  = {
          + "Name" = "flink-poc-flink-job-role"
        }
      + tags_all              = {
          + "Name" = "flink-poc-flink-job-role"
        }
      + unique_id             = (known after apply)

      + inline_policy (known after apply)
    }

  # aws_iam_role_policy.flink_job_policy will be created
  + resource "aws_iam_role_policy" "flink_job_policy" {
      + id          = (known after apply)
      + name        = (known after apply)
      + name_prefix = (known after apply)
      + policy      = (known after apply)
      + role        = (known after apply)
    }

  # aws_s3_bucket.artifacts will be created
  + resource "aws_s3_bucket" "artifacts" {
      + acceleration_status         = (known after apply)
      + acl                         = (known after apply)
      + arn                         = (known after apply)
      + bucket                      = (known after apply)
      + bucket_domain_name          = (known after apply)
      + bucket_prefix               = (known after apply)
      + bucket_region               = (known after apply)
      + bucket_regional_domain_name = (known after apply)
      + force_destroy               = true
      + hosted_zone_id              = (known after apply)
      + id                          = (known after apply)
      + object_lock_enabled         = (known after apply)
      + policy                      = (known after apply)
      + region                      = "us-east-1"
      + request_payer               = (known after apply)
      + tags                        = {
          + "Name" = "flink-poc-artifacts"
        }
      + tags_all                    = {
          + "Name" = "flink-poc-artifacts"
        }
      + website_domain              = (known after apply)
      + website_endpoint            = (known after apply)

      + cors_rule (known after apply)

      + grant (known after apply)

      + lifecycle_rule (known after apply)

      + logging (known after apply)

      + object_lock_configuration (known after apply)

      + replication_configuration (known after apply)

      + server_side_encryption_configuration (known after apply)

      + versioning (known after apply)

      + website (known after apply)
    }

  # random_id.suffix will be created
  + resource "random_id" "suffix" {
      + b64_std     = (known after apply)
      + b64_url     = (known after apply)
      + byte_length = 4
      + dec         = (known after apply)
      + hex         = (known after apply)
      + id          = (known after apply)
    }

Plan: 4 to add, 0 to change, 0 to destroy.

Changes to Outputs:
  + artifacts_bucket   = (known after apply)
  + flink_job_role_arn = (known after apply)
random_id.suffix: Creating...
random_id.suffix: Creation complete after 0s [id=trdT1w]
aws_iam_role.flink_job_role: Creating...
aws_s3_bucket.artifacts: Creating...
aws_iam_role.flink_job_role: Creation complete after 0s [id=flink-poc-flink-job-role-b6b753d7]
aws_s3_bucket.artifacts: Still creating... [00m10s elapsed]
aws_s3_bucket.artifacts: Still creating... [00m20s elapsed]
aws_s3_bucket.artifacts: Still creating... [00m30s elapsed]
aws_s3_bucket.artifacts: Still creating... [00m40s elapsed]
aws_s3_bucket.artifacts: Still creating... [00m50s elapsed]
aws_s3_bucket.artifacts: Still creating... [01m00s elapsed]
aws_s3_bucket.artifacts: Still creating... [01m10s elapsed]
aws_s3_bucket.artifacts: Still creating... [01m20s elapsed]
aws_s3_bucket.artifacts: Still creating... [01m30s elapsed]
aws_s3_bucket.artifacts: Still creating... [01m40s elapsed]
aws_s3_bucket.artifacts: Still creating... [01m50s elapsed]
aws_s3_bucket.artifacts: Still creating... [02m00s elapsed]
aws_s3_bucket.artifacts: Still creating... [02m10s elapsed]
aws_s3_bucket.artifacts: Still creating... [02m20s elapsed]
aws_s3_bucket.artifacts: Still creating... [02m30s elapsed]
aws_s3_bucket.artifacts: Still creating... [02m40s elapsed]
aws_s3_bucket.artifacts: Still creating... [02m50s elapsed]
aws_s3_bucket.artifacts: Still creating... [03m00s elapsed]
aws_s3_bucket.artifacts: Still creating... [03m10s elapsed]
aws_s3_bucket.artifacts: Still creating... [03m20s elapsed]
aws_s3_bucket.artifacts: Still creating... [03m30s elapsed]
aws_s3_bucket.artifacts: Still creating... [03m40s elapsed]
aws_s3_bucket.artifacts: Still creating... [03m50s elapsed]
aws_s3_bucket.artifacts: Still creating... [04m00s elapsed]
aws_s3_bucket.artifacts: Still creating... [04m10s elapsed]
aws_s3_bucket.artifacts: Still creating... [04m20s elapsed]
aws_s3_bucket.artifacts: Still creating... [04m30s elapsed]
aws_s3_bucket.artifacts: Still creating... [04m40s elapsed]
aws_s3_bucket.artifacts: Still creating... [04m50s elapsed]
aws_s3_bucket.artifacts: Still creating... [05m00s elapsed]
aws_s3_bucket.artifacts: Still creating... [05m10s elapsed]
aws_s3_bucket.artifacts: Still creating... [05m20s elapsed]
aws_s3_bucket.artifacts: Still creating... [05m30s elapsed]
aws_s3_bucket.artifacts: Still creating... [05m40s elapsed]
aws_s3_bucket.artifacts: Still creating... [05m50s elapsed]
aws_s3_bucket.artifacts: Still creating... [06m00s elapsed]
aws_s3_bucket.artifacts: Still creating... [06m10s elapsed]
aws_s3_bucket.artifacts: Still creating... [06m20s elapsed]
aws_s3_bucket.artifacts: Still creating... [06m30s elapsed]
aws_s3_bucket.artifacts: Still creating... [06m40s elapsed]
aws_s3_bucket.artifacts: Still creating... [06m50s elapsed]
aws_s3_bucket.artifacts: Still creating... [07m00s elapsed]
aws_s3_bucket.artifacts: Still creating... [07m10s elapsed]
aws_s3_bucket.artifacts: Still creating... [07m20s elapsed]
aws_s3_bucket.artifacts: Still creating... [07m30s elapsed]
aws_s3_bucket.artifacts: Still creating... [07m40s elapsed]
aws_s3_bucket.artifacts: Still creating... [07m50s elapsed]
aws_s3_bucket.artifacts: Still creating... [08m00s elapsed]
aws_s3_bucket.artifacts: Still creating... [08m10s elapsed]
aws_s3_bucket.artifacts: Still creating... [08m20s elapsed]
aws_s3_bucket.artifacts: Still creating... [08m30s elapsed]
aws_s3_bucket.artifacts: Still creating... [08m40s elapsed]
aws_s3_bucket.artifacts: Still creating... [08m50s elapsed]
aws_s3_bucket.artifacts: Still creating... [09m00s elapsed]
aws_s3_bucket.artifacts: Still creating... [09m10s elapsed]
aws_s3_bucket.artifacts: Still creating... [09m20s elapsed]
aws_s3_bucket.artifacts: Still creating... [09m30s elapsed]
aws_s3_bucket.artifacts: Still creating... [09m40s elapsed]
aws_s3_bucket.artifacts: Still creating... [09m50s elapsed]
aws_s3_bucket.artifacts: Still creating... [10m00s elapsed]
aws_s3_bucket.artifacts: Still creating... [10m10s elapsed]
aws_s3_bucket.artifacts: Still creating... [10m20s elapsed]
aws_s3_bucket.artifacts: Still creating... [10m30s elapsed]
aws_s3_bucket.artifacts: Still creating... [10m40s elapsed]
aws_s3_bucket.artifacts: Still creating... [10m50s elapsed]
aws_s3_bucket.artifacts: Still creating... [11m00s elapsed]
aws_s3_bucket.artifacts: Still creating... [11m10s elapsed]
aws_s3_bucket.artifacts: Still creating... [11m20s elapsed]
aws_s3_bucket.artifacts: Still creating... [11m30s elapsed]
aws_s3_bucket.artifacts: Still creating... [11m40s elapsed]
aws_s3_bucket.artifacts: Still creating... [11m50s elapsed]
aws_s3_bucket.artifacts: Still creating... [12m00s elapsed]
aws_s3_bucket.artifacts: Still creating... [12m10s elapsed]
aws_s3_bucket.artifacts: Still creating... [12m20s elapsed]
aws_s3_bucket.artifacts: Still creating... [12m30s elapsed]
aws_s3_bucket.artifacts: Still creating... [12m40s elapsed]
aws_s3_bucket.artifacts: Still creating... [12m50s elapsed]
aws_s3_bucket.artifacts: Still creating... [13m00s elapsed]
aws_s3_bucket.artifacts: Still creating... [13m10s elapsed]
aws_s3_bucket.artifacts: Still creating... [13m20s elapsed]
aws_s3_bucket.artifacts: Still creating... [13m30s elapsed]
aws_s3_bucket.artifacts: Still creating... [13m40s elapsed]
aws_s3_bucket.artifacts: Still creating... [13m50s elapsed]
aws_s3_bucket.artifacts: Still creating... [14m00s elapsed]
aws_s3_bucket.artifacts: Still creating... [14m10s elapsed]
aws_s3_bucket.artifacts: Still creating... [14m20s elapsed]
aws_s3_bucket.artifacts: Still creating... [14m30s elapsed]
aws_s3_bucket.artifacts: Still creating... [14m40s elapsed]
aws_s3_bucket.artifacts: Still creating... [14m50s elapsed]
aws_s3_bucket.artifacts: Still creating... [15m00s elapsed]
aws_s3_bucket.artifacts: Still creating... [15m10s elapsed]
aws_s3_bucket.artifacts: Still creating... [15m20s elapsed]
aws_s3_bucket.artifacts: Still creating... [15m30s elapsed]
aws_s3_bucket.artifacts: Still creating... [15m40s elapsed]
aws_s3_bucket.artifacts: Still creating... [15m50s elapsed]
aws_s3_bucket.artifacts: Still creating... [16m00s elapsed]
aws_s3_bucket.artifacts: Still creating... [16m10s elapsed]
aws_s3_bucket.artifacts: Still creating... [16m20s elapsed]
aws_s3_bucket.artifacts: Still creating... [16m30s elapsed]
aws_s3_bucket.artifacts: Still creating... [16m40s elapsed]
aws_s3_bucket.artifacts: Still creating... [16m50s elapsed]
aws_s3_bucket.artifacts: Still creating... [17m00s elapsed]
aws_s3_bucket.artifacts: Still creating... [17m10s elapsed]
