
Terraform used the selected providers to generate the following execution
plan. Resource actions are indicated with the following symbols:
  + create

Terraform will perform the following actions:

  # digitalocean_droplet.kafka will be created
  + resource "digitalocean_droplet" "kafka" {
      + backups              = false
      + created_at           = (known after apply)
      + disk                 = (known after apply)
      + graceful_shutdown    = false
      + id                   = (known after apply)
      + image                = "ubuntu-20-04-x64"
      + ipv4_address         = (known after apply)
      + ipv4_address_private = (known after apply)
      + ipv6                 = false
      + ipv6_address         = (known after apply)
      + locked               = (known after apply)
      + memory               = (known after apply)
      + monitoring           = false
      + name                 = "kafka-hieu"
      + price_hourly         = (known after apply)
      + price_monthly        = (known after apply)
      + private_networking   = (known after apply)
      + region               = "sgp1"
      + resize_disk          = true
      + size                 = "s-2vcpu-2gb"
      + ssh_keys             = (known after apply)
      + status               = (known after apply)
      + urn                  = (known after apply)
      + user_data            = "2dbddefc5c2f88d6c3e3c0cca8f0eff7c35d1137"
      + vcpus                = (known after apply)
      + volume_ids           = (known after apply)
      + vpc_uuid             = (known after apply)
    }

  # digitalocean_ssh_key.default will be created
  + resource "digitalocean_ssh_key" "default" {
      + fingerprint = (known after apply)
      + id          = (known after apply)
      + name        = "Terraform Example"
      + public_key  = "603603590.txt"
    }

Plan: 2 to add, 0 to change, 0 to destroy.
digitalocean_ssh_key.default: Creating...
