{"format_version":"1.2","terraform_version":"1.13.5","variables":{"do_token":{"value":"603603590"},"github_token":{"value":"603603590"},"public_ssh_key":{"value":"603603590.txt"}},"planned_values":{"root_module":{"resources":[{"address":"digitalocean_droplet.kafka","mode":"managed","type":"digitalocean_droplet","name":"kafka","provider_name":"registry.terraform.io/digitalocean/digitalocean","schema_version":1,"values":{"backups":false,"droplet_agent":null,"graceful_shutdown":false,"image":"ubuntu-20-04-x64","ipv6":false,"monitoring":false,"name":"kafka-hieu","region":"sgp1","resize_disk":true,"size":"s-2vcpu-2gb","tags":null,"timeouts":null,"user_data":"2dbddefc5c2f88d6c3e3c0cca8f0eff7c35d1137"},"sensitive_values":{"ssh_keys":[],"volume_ids":[]}},{"address":"digitalocean_ssh_key.default","mode":"managed","type":"digitalocean_ssh_key","name":"default","provider_name":"registry.terraform.io/digitalocean/digitalocean","schema_version":0,"values":{"name":"Terraform Example","public_key":"603603590.txt"},"sensitive_values":{}}]}},"resource_changes":[{"address":"digitalocean_droplet.kafka","mode":"managed","type":"digitalocean_droplet","name":"kafka","provider_name":"registry.terraform.io/digitalocean/digitalocean","change":{"actions":["create"],"before":null,"after":{"backups":false,"droplet_agent":null,"graceful_shutdown":false,"image":"ubuntu-20-04-x64","ipv6":false,"monitoring":false,"name":"kafka-hieu","region":"sgp1","resize_disk":true,"size":"s-2vcpu-2gb","tags":null,"timeouts":null,"user_data":"2dbddefc5c2f88d6c3e3c0cca8f0eff7c35d1137"},"after_unknown":{"created_at":true,"disk":true,"id":true,"ipv4_address":true,"ipv4_address_private":true,"ipv6_address":true,"locked":true,"memory":true,"price_hourly":true,"price_monthly":true,"private_networking":true,"ssh_keys":true,"status":true,"urn":true,"vcpus":true,"volume_ids":true,"vpc_uuid":true},"before_sensitive":false,"after_sensitive":{"ssh_keys":[],"volume_ids":[]}}},{"address":"digitalocean_ssh_key.default","mode":"managed","type":"digitalocean_ssh_key","name":"default","provider_name":"registry.terraform.io/digitalocean/digitalocean","change":{"actions":["create"],"before":null,"after":{"name":"Terraform Example","public_key":"603603590.txt"},"after_unknown":{"fingerprint":true,"id":true},"before_sensitive":false,"after_sensitive":{}}}],"configuration":{"provider_config":{"aws":{"name":"aws","full_name":"registry.terraform.io/hashicorp/aws","expressions":{"access_key":{"constant_value":"mock"},"endpoints":[{"apigateway":{"constant_value":"http://localhost:4566"},"apigatewayv2":{"constant_value":"http://localhost:4566"},"cloudwatch":{"constant_value":"http://localhost:4566"},"cloudwatchevents":{"constant_value":"http://localhost:4566"},"dynamodb":{"constant_value":"http://localhost:4566"},"ec2":{"constant_value":"http://localhost:4566"},"ecr":{"constant_value":"http://localhost:4566"},"ecrpublic":{"constant_value":"http://localhost:4566"},"ecs":{"constant_value":"http://localhost:4566"},"efs":{"constant_value":"http://localhost:4566"},"iam":{"constant_value":"http://localhost:4566"},"kinesis":{"constant_value":"http://localhost:4566"},"kms":{"constant_value":"http://localhost:4566"},"lambda":{"constant_value":"http://localhost:4566"},"logs":{"constant_value":"http://localhost:4566"},"route53":{"constant_value":"http://localhost:4566"},"s3":{"constant_value":"http://localhost:4566"},"s3control":{"constant_value":"http://localhost:4566"},"secretsmanager":{"constant_value":"http://localhost:4566"},"sns":{"constant_value":"http://localhost:4566"},"sqs":{"constant_value":"http://localhost:4566"},"ssm":{"constant_value":"http://localhost:4566"},"sts":{"constant_value":"http://localhost:4566"}}],"region":{"constant_value":"us-east-1"},"s3_use_path_style":{"constant_value":true},"secret_key":{"constant_value":"mock"},"skip_credentials_validation":{"constant_value":true},"skip_metadata_api_check":{"constant_value":true},"skip_region_validation":{"constant_value":true},"skip_requesting_account_id":{"constant_value":true}}},"digitalocean":{"name":"digitalocean","full_name":"registry.terraform.io/digitalocean/digitalocean","version_constraint":"2.26.0","expressions":{"token":{"references":["var.do_token"]}}}},"root_module":{"resources":[{"address":"digitalocean_droplet.kafka","mode":"managed","type":"digitalocean_droplet","name":"kafka","provider_config_key":"digitalocean","expressions":{"image":{"constant_value":"ubuntu-20-04-x64"},"name":{"constant_value":"kafka-hieu"},"region":{"constant_value":"sgp1"},"size":{"constant_value":"s-2vcpu-2gb"},"ssh_keys":{"references":["digitalocean_ssh_key.default.fingerprint","digitalocean_ssh_key.default"]},"user_data":{"references":["var.github_token"]}},"schema_version":1},{"address":"digitalocean_ssh_key.default","mode":"managed","type":"digitalocean_ssh_key","name":"default","provider_config_key":"digitalocean","expressions":{"name":{"constant_value":"Terraform Example"},"public_key":{"references":["var.public_ssh_key"]}},"schema_version":0}],"variables":{"do_token":{"description":"Token to access Digital Ocean"},"github_token":{"description":"Token for github"},"public_ssh_key":{"description":"Public SSH key"}}}},"relevant_attributes":[{"resource":"digitalocean_ssh_key.default","attribute":["fingerprint"]}],"timestamp":"2026-01-18T09:43:13Z","applyable":true,"complete":true,"errored":false}
