
Terraform used the selected providers to generate the following execution
plan. Resource actions are indicated with the following symbols:
  + create

Terraform will perform the following actions:

  # aws_s3_bucket.site will be created
  + resource "aws_s3_bucket" "site" {
      + acceleration_status         = (known after apply)
      + acl                         = (known after apply)
      + arn                         = (known after apply)
      + bucket                      = (known after apply)
      + bucket_domain_name          = (known after apply)
      + bucket_prefix               = (known after apply)
      + bucket_region               = (known after apply)
      + bucket_regional_domain_name = (known after apply)
      + force_destroy               = true
      + hosted_zone_id              = (known after apply)
      + id                          = (known after apply)
      + object_lock_enabled         = (known after apply)
      + policy                      = (known after apply)
      + region                      = "us-east-1"
      + request_payer               = (known after apply)
      + tags_all                    = {
          + "Managed" = "terraform"
          + "Project" = "amazon-fe"
        }
      + website_domain              = (known after apply)
      + website_endpoint            = (known after apply)

      + cors_rule (known after apply)

      + grant (known after apply)

      + lifecycle_rule (known after apply)

      + logging (known after apply)

      + object_lock_configuration (known after apply)

      + replication_configuration (known after apply)

      + server_side_encryption_configuration (known after apply)

      + versioning (known after apply)

      + website (known after apply)
    }

  # aws_s3_bucket_public_access_block.site will be created
  + resource "aws_s3_bucket_public_access_block" "site" {
      + block_public_acls       = true
      + block_public_policy     = true
      + bucket                  = (known after apply)
      + id                      = (known after apply)
      + ignore_public_acls      = true
      + region                  = "us-east-1"
      + restrict_public_buckets = true
    }

  # aws_s3_bucket_website_configuration.site will be created
  + resource "aws_s3_bucket_website_configuration" "site" {
      + bucket           = (known after apply)
      + id               = (known after apply)
      + region           = "us-east-1"
      + routing_rules    = (known after apply)
      + website_domain   = (known after apply)
      + website_endpoint = (known after apply)

      + error_document {
          + key = "index.html"
        }

      + index_document {
          + suffix = "index.html"
        }

      + routing_rule (known after apply)
    }

  # aws_s3_object.placeholder will be created
  + resource "aws_s3_object" "placeholder" {
      + acl                    = (known after apply)
      + arn                    = (known after apply)
      + bucket                 = (known after apply)
      + bucket_key_enabled     = (known after apply)
      + checksum_crc32         = (known after apply)
      + checksum_crc32c        = (known after apply)
      + checksum_crc64nvme     = (known after apply)
      + checksum_sha1          = (known after apply)
      + checksum_sha256        = (known after apply)
      + content                = "Upload your React build output (e.g., build/) to this bucket."
      + content_type           = "text/plain"
      + etag                   = (known after apply)
      + force_destroy          = false
      + id                     = (known after apply)
      + key                    = "README.txt"
      + kms_key_id             = (known after apply)
      + region                 = "us-east-1"
      + server_side_encryption = (known after apply)
      + storage_class          = (known after apply)
      + tags_all               = {
          + "Managed" = "terraform"
          + "Project" = "amazon-fe"
        }
      + version_id             = (known after apply)
    }

  # random_id.suffix will be created
  + resource "random_id" "suffix" {
      + b64_std     = (known after apply)
      + b64_url     = (known after apply)
      + byte_length = 4
      + dec         = (known after apply)
      + hex         = (known after apply)
      + id          = (known after apply)
    }

Plan: 5 to add, 0 to change, 0 to destroy.

Changes to Outputs:
  + s3_bucket_name      = (known after apply)
  + s3_website_endpoint = (known after apply)
