{"format_version":"1.2","terraform_version":"1.13.5","variables":{"app_name":{"value":"amazon-fe"},"aws_region":{"value":"us-east-1"},"environment":{"value":"dev"}},"planned_values":{"outputs":{"s3_bucket_name":{"sensitive":false},"s3_website_endpoint":{"sensitive":false}},"root_module":{"resources":[{"address":"aws_s3_bucket.site","mode":"managed","type":"aws_s3_bucket","name":"site","provider_name":"registry.terraform.io/hashicorp/aws","schema_version":0,"values":{"force_destroy":true,"region":"us-east-1","tags":null,"tags_all":{"Managed":"terraform","Project":"amazon-fe"},"timeouts":null},"sensitive_values":{"cors_rule":[],"grant":[],"lifecycle_rule":[],"logging":[],"object_lock_configuration":[],"replication_configuration":[],"server_side_encryption_configuration":[],"tags_all":{},"versioning":[],"website":[]},"identity_schema_version":0,"identity":{"account_id":null,"bucket":null,"region":null}},{"address":"aws_s3_bucket_public_access_block.site","mode":"managed","type":"aws_s3_bucket_public_access_block","name":"site","provider_name":"registry.terraform.io/hashicorp/aws","schema_version":0,"values":{"block_public_acls":true,"block_public_policy":true,"ignore_public_acls":true,"region":"us-east-1","restrict_public_buckets":true,"skip_destroy":null},"sensitive_values":{},"identity_schema_version":0,"identity":{"account_id":null,"bucket":null,"region":null}},{"address":"aws_s3_bucket_website_configuration.site","mode":"managed","type":"aws_s3_bucket_website_configuration","name":"site","provider_name":"registry.terraform.io/hashicorp/aws","schema_version":0,"values":{"error_document":[{"key":"index.html"}],"expected_bucket_owner":null,"index_document":[{"suffix":"index.html"}],"redirect_all_requests_to":[],"region":"us-east-1"},"sensitive_values":{"error_document":[{}],"index_document":[{}],"redirect_all_requests_to":[],"routing_rule":[]},"identity_schema_version":0,"identity":{"account_id":null,"bucket":null,"expected_bucket_owner":null,"region":null}},{"address":"aws_s3_object.placeholder","mode":"managed","type":"aws_s3_object","name":"placeholder","provider_name":"registry.terraform.io/hashicorp/aws","schema_version":0,"values":{"cache_control":null,"checksum_algorithm":null,"content":"Upload your React build output (e.g., build/) to this bucket.","content_base64":null,"content_disposition":null,"content_encoding":null,"content_language":null,"content_type":"text/plain","force_destroy":false,"key":"README.txt","metadata":null,"object_lock_legal_hold_status":null,"object_lock_mode":null,"object_lock_retain_until_date":null,"override_provider":[],"region":"us-east-1","source":null,"source_hash":null,"tags":null,"tags_all":{"Managed":"terraform","Project":"amazon-fe"},"website_redirect":null},"sensitive_values":{"override_provider":[],"tags_all":{}},"identity_schema_version":0,"identity":{"account_id":null,"bucket":null,"key":null,"region":null}},{"address":"random_id.suffix","mode":"managed","type":"random_id","name":"suffix","provider_name":"registry.terraform.io/hashicorp/random","schema_version":0,"values":{"byte_length":4,"keepers":null,"prefix":null},"sensitive_values":{}}]}},"resource_changes":[{"address":"aws_s3_bucket.site","mode":"managed","type":"aws_s3_bucket","name":"site","provider_name":"registry.terraform.io/hashicorp/aws","change":{"actions":["create"],"before":null,"after":{"force_destroy":true,"region":"us-east-1","tags":null,"tags_all":{"Managed":"terraform","Project":"amazon-fe"},"timeouts":null},"after_unknown":{"acceleration_status":true,"acl":true,"arn":true,"bucket":true,"bucket_domain_name":true,"bucket_prefix":true,"bucket_region":true,"bucket_regional_domain_name":true,"cors_rule":true,"grant":true,"hosted_zone_id":true,"id":true,"lifecycle_rule":true,"logging":true,"object_lock_configuration":true,"object_lock_enabled":true,"policy":true,"replication_configuration":true,"request_payer":true,"server_side_encryption_configuration":true,"tags_all":{},"versioning":true,"website":true,"website_domain":true,"website_endpoint":true},"before_sensitive":false,"after_sensitive":{"cors_rule":[],"grant":[],"lifecycle_rule":[],"logging":[],"object_lock_configuration":[],"replication_configuration":[],"server_side_encryption_configuration":[],"tags_all":{},"versioning":[],"website":[]},"after_identity":{"account_id":null,"bucket":null,"region":null}}},{"address":"aws_s3_bucket_public_access_block.site","mode":"managed","type":"aws_s3_bucket_public_access_block","name":"site","provider_name":"registry.terraform.io/hashicorp/aws","change":{"actions":["create"],"before":null,"after":{"block_public_acls":true,"block_public_policy":true,"ignore_public_acls":true,"region":"us-east-1","restrict_public_buckets":true,"skip_destroy":null},"after_unknown":{"bucket":true,"id":true},"before_sensitive":false,"after_sensitive":{},"after_identity":{"account_id":null,"bucket":null,"region":null}}},{"address":"aws_s3_bucket_website_configuration.site","mode":"managed","type":"aws_s3_bucket_website_configuration","name":"site","provider_name":"registry.terraform.io/hashicorp/aws","change":{"actions":["create"],"before":null,"after":{"error_document":[{"key":"index.html"}],"expected_bucket_owner":null,"index_document":[{"suffix":"index.html"}],"redirect_all_requests_to":[],"region":"us-east-1"},"after_unknown":{"bucket":true,"error_document":[{}],"id":true,"index_document":[{}],"redirect_all_requests_to":[],"routing_rule":true,"routing_rules":true,"website_domain":true,"website_endpoint":true},"before_sensitive":false,"after_sensitive":{"error_document":[{}],"index_document":[{}],"redirect_all_requests_to":[],"routing_rule":[]},"after_identity":{"account_id":null,"bucket":null,"expected_bucket_owner":null,"region":null}}},{"address":"aws_s3_object.placeholder","mode":"managed","type":"aws_s3_object","name":"placeholder","provider_name":"registry.terraform.io/hashicorp/aws","change":{"actions":["create"],"before":null,"after":{"cache_control":null,"checksum_algorithm":null,"content":"Upload your React build output (e.g., build/) to this bucket.","content_base64":null,"content_disposition":null,"content_encoding":null,"content_language":null,"content_type":"text/plain","force_destroy":false,"key":"README.txt","metadata":null,"object_lock_legal_hold_status":null,"object_lock_mode":null,"object_lock_retain_until_date":null,"override_provider":[],"region":"us-east-1","source":null,"source_hash":null,"tags":null,"tags_all":{"Managed":"terraform","Project":"amazon-fe"},"website_redirect":null},"after_unknown":{"acl":true,"arn":true,"bucket":true,"bucket_key_enabled":true,"checksum_crc32":true,"checksum_crc32c":true,"checksum_crc64nvme":true,"checksum_sha1":true,"checksum_sha256":true,"etag":true,"id":true,"kms_key_id":true,"override_provider":[],"server_side_encryption":true,"storage_class":true,"tags_all":{},"version_id":true},"before_sensitive":false,"after_sensitive":{"override_provider":[],"tags_all":{}},"after_identity":{"account_id":null,"bucket":null,"key":null,"region":null}}},{"address":"random_id.suffix","mode":"managed","type":"random_id","name":"suffix","provider_name":"registry.terraform.io/hashicorp/random","change":{"actions":["create"],"before":null,"after":{"byte_length":4,"keepers":null,"prefix":null},"after_unknown":{"b64_std":true,"b64_url":true,"dec":true,"hex":true,"id":true},"before_sensitive":false,"after_sensitive":{}}}],"output_changes":{"s3_bucket_name":{"actions":["create"],"before":null,"after_unknown":true,"before_sensitive":false,"after_sensitive":false},"s3_website_endpoint":{"actions":["create"],"before":null,"after_unknown":true,"before_sensitive":false,"after_sensitive":false}},"configuration":{"provider_config":{"aws":{"name":"aws","full_name":"registry.terraform.io/hashicorp/aws","version_constraint":"\u003e= 5.0.0","expressions":{"default_tags":[{"tags":{"references":["var.app_name"]}}],"region":{"references":["var.aws_region"]}}},"random":{"name":"random","full_name":"registry.terraform.io/hashicorp/random","version_constraint":"\u003e= 3.5.0"}},"root_module":{"outputs":{"s3_bucket_name":{"expression":{"references":["aws_s3_bucket.site.bucket","aws_s3_bucket.site"]},"description":"S3 bucket for hosting/build artifacts."},"s3_website_endpoint":{"expression":{"references":["aws_s3_bucket_website_configuration.site.website_endpoint","aws_s3_bucket_website_configuration.site"]},"description":"S3 static website endpoint (note: bucket is private unless you add a public policy or CloudFront)."}},"resources":[{"address":"aws_s3_bucket.site","mode":"managed","type":"aws_s3_bucket","name":"site","provider_config_key":"aws","expressions":{"bucket":{"references":["local.name_prefix","random_id.suffix.hex","random_id.suffix"]},"force_destroy":{"constant_value":true}},"schema_version":0},{"address":"aws_s3_bucket_public_access_block.site","mode":"managed","type":"aws_s3_bucket_public_access_block","name":"site","provider_config_key":"aws","expressions":{"block_public_acls":{"constant_value":true},"block_public_policy":{"constant_value":true},"bucket":{"references":["aws_s3_bucket.site.id","aws_s3_bucket.site"]},"ignore_public_acls":{"constant_value":true},"restrict_public_buckets":{"constant_value":true}},"schema_version":0},{"address":"aws_s3_bucket_website_configuration.site","mode":"managed","type":"aws_s3_bucket_website_configuration","name":"site","provider_config_key":"aws","expressions":{"bucket":{"references":["aws_s3_bucket.site.id","aws_s3_bucket.site"]},"error_document":[{"key":{"constant_value":"index.html"}}],"index_document":[{"suffix":{"constant_value":"index.html"}}]},"schema_version":0},{"address":"aws_s3_object.placeholder","mode":"managed","type":"aws_s3_object","name":"placeholder","provider_config_key":"aws","expressions":{"bucket":{"references":["aws_s3_bucket.site.id","aws_s3_bucket.site"]},"content":{"constant_value":"Upload your React build output (e.g., build/) to this bucket."},"content_type":{"constant_value":"text/plain"},"key":{"constant_value":"README.txt"}},"schema_version":0},{"address":"random_id.suffix","mode":"managed","type":"random_id","name":"suffix","provider_config_key":"random","expressions":{"byte_length":{"constant_value":4}},"schema_version":0}],"variables":{"app_name":{"default":"amazon-fe","description":"Application name used for naming/tagging."},"aws_region":{"default":"us-east-1","description":"AWS region to deploy into."},"environment":{"default":"dev","description":"Environment name (e.g., dev, staging, prod)."}}}},"relevant_attributes":[{"resource":"aws_s3_bucket.site","attribute":["bucket"]},{"resource":"aws_s3_bucket_website_configuration.site","attribute":["website_endpoint"]},{"resource":"aws_s3_bucket.site","attribute":["id"]},{"resource":"random_id.suffix","attribute":["hex"]}],"timestamp":"2026-01-27T07:42:29Z","applyable":true,"complete":true,"errored":false}
