{"format_version":"1.2","terraform_version":"1.13.5","variables":{"allowed_cidr_blocks":{"value":["0.0.0.0/0"]},"app_name":{"value":"atlas-template"},"aws_region":{"value":"us-east-1"},"db_allocated_storage":{"value":20},"db_engine_version":{"value":"8.0"},"db_instance_class":{"value":"db.t3.micro"},"db_name":{"value":"app"},"db_password":{"value":"ai-basis-tf"},"db_publicly_accessible":{"value":true},"db_username":{"value":"appuser"}},"planned_values":{"outputs":{"db_address":{"sensitive":false},"db_endpoint":{"sensitive":false},"db_name":{"sensitive":false,"type":"string","value":"app"},"db_port":{"sensitive":false}},"root_module":{"resources":[{"address":"aws_db_instance.mysql","mode":"managed","type":"aws_db_instance","name":"mysql","provider_name":"registry.terraform.io/hashicorp/aws","schema_version":2,"values":{"allocated_storage":20,"allow_major_version_upgrade":null,"apply_immediately":true,"auto_minor_version_upgrade":true,"blue_green_update":[],"copy_tags_to_snapshot":false,"custom_iam_instance_profile":null,"customer_owned_ip_enabled":null,"db_name":"app","dedicated_log_volume":false,"delete_automated_backups":true,"deletion_protection":false,"domain":null,"domain_auth_secret_arn":null,"domain_dns_ips":null,"domain_iam_role_name":null,"domain_ou":null,"enabled_cloudwatch_logs_exports":null,"engine":"mysql","engine_version":"8.0","final_snapshot_identifier":null,"iam_database_authentication_enabled":null,"instance_class":"db.t3.micro","manage_master_user_password":null,"max_allocated_storage":null,"monitoring_interval":0,"password":"ai-basis-tf","password_wo":null,"password_wo_version":null,"performance_insights_enabled":false,"publicly_accessible":true,"replicate_source_db":null,"restore_to_point_in_time":[],"s3_import":[],"skip_final_snapshot":true,"storage_encrypted":null,"tags":{"Name":"atlas-template-mysql"},"tags_all":{"Managed":"terraform","Name":"atlas-template-mysql","Project":"atlas-template"},"timeouts":null,"upgrade_storage_config":null,"username":"appuser"},"sensitive_values":{"blue_green_update":[],"listener_endpoint":[],"master_user_secret":[],"password":true,"password_wo":true,"replicas":[],"restore_to_point_in_time":[],"s3_import":[],"tags":{},"tags_all":{},"vpc_security_group_ids":[]}},{"address":"aws_db_subnet_group.this","mode":"managed","type":"aws_db_subnet_group","name":"this","provider_name":"registry.terraform.io/hashicorp/aws","schema_version":0,"values":{"description":"Managed by Terraform","subnet_ids":["subnet-2ce69e83ddc4a5e4a","subnet-62636f6aefd0eb785","subnet-7b0e26aaf6212c3a2","subnet-7cacec525168a8732","subnet-ce0742d90dc6c537d","subnet-d4630d098cc0fce67"],"tags":{"Name":"atlas-template-db-subnets"},"tags_all":{"Managed":"terraform","Name":"atlas-template-db-subnets","Project":"atlas-template"}},"sensitive_values":{"subnet_ids":[false,false,false,false,false,false],"supported_network_types":[],"tags":{},"tags_all":{}}},{"address":"aws_security_group.db","mode":"managed","type":"aws_security_group","name":"db","provider_name":"registry.terraform.io/hashicorp/aws","schema_version":1,"values":{"description":"Security group for atlas-template RDS MySQL","egress":[{"cidr_blocks":["0.0.0.0/0"],"description":"","from_port":0,"ipv6_cidr_blocks":[],"prefix_list_ids":[],"protocol":"-1","security_groups":[],"self":false,"to_port":0}],"ingress":[{"cidr_blocks":["0.0.0.0/0"],"description":"MySQL","from_port":3306,"ipv6_cidr_blocks":[],"prefix_list_ids":[],"protocol":"tcp","security_groups":[],"self":false,"to_port":3306}],"revoke_rules_on_delete":false,"tags":{"Name":"atlas-template-db-sg"},"tags_all":{"Managed":"terraform","Name":"atlas-template-db-sg","Project":"atlas-template"},"timeouts":null,"vpc_id":"vpc-f634a1a4ff14bb91a"},"sensitive_values":{"egress":[{"cidr_blocks":[false],"ipv6_cidr_blocks":[],"prefix_list_ids":[],"security_groups":[]}],"ingress":[{"cidr_blocks":[false],"ipv6_cidr_blocks":[],"prefix_list_ids":[],"security_groups":[]}],"tags":{},"tags_all":{}}},{"address":"random_id.suffix","mode":"managed","type":"random_id","name":"suffix","provider_name":"registry.terraform.io/hashicorp/random","schema_version":0,"values":{"byte_length":3,"keepers":null,"prefix":null},"sensitive_values":{}}]}},"resource_changes":[{"address":"aws_db_instance.mysql","mode":"managed","type":"aws_db_instance","name":"mysql","provider_name":"registry.terraform.io/hashicorp/aws","change":{"actions":["create"],"before":null,"after":{"allocated_storage":20,"allow_major_version_upgrade":null,"apply_immediately":true,"auto_minor_version_upgrade":true,"blue_green_update":[],"copy_tags_to_snapshot":false,"custom_iam_instance_profile":null,"customer_owned_ip_enabled":null,"db_name":"app","dedicated_log_volume":false,"delete_automated_backups":true,"deletion_protection":false,"domain":null,"domain_auth_secret_arn":null,"domain_dns_ips":null,"domain_iam_role_name":null,"domain_ou":null,"enabled_cloudwatch_logs_exports":null,"engine":"mysql","engine_version":"8.0","final_snapshot_identifier":null,"iam_database_authentication_enabled":null,"instance_class":"db.t3.micro","manage_master_user_password":null,"max_allocated_storage":null,"monitoring_interval":0,"password":"ai-basis-tf","password_wo":null,"password_wo_version":null,"performance_insights_enabled":false,"publicly_accessible":true,"replicate_source_db":null,"restore_to_point_in_time":[],"s3_import":[],"skip_final_snapshot":true,"storage_encrypted":null,"tags":{"Name":"atlas-template-mysql"},"tags_all":{"Managed":"terraform","Name":"atlas-template-mysql","Project":"atlas-template"},"timeouts":null,"upgrade_storage_config":null,"username":"appuser"},"after_unknown":{"address":true,"arn":true,"availability_zone":true,"backup_retention_period":true,"backup_target":true,"backup_window":true,"blue_green_update":[],"ca_cert_identifier":true,"character_set_name":true,"database_insights_mode":true,"db_subnet_group_name":true,"domain_fqdn":true,"endpoint":true,"engine_lifecycle_support":true,"engine_version_actual":true,"hosted_zone_id":true,"id":true,"identifier":true,"identifier_prefix":true,"iops":true,"kms_key_id":true,"latest_restorable_time":true,"license_model":true,"listener_endpoint":true,"maintenance_window":true,"master_user_secret":true,"master_user_secret_kms_key_id":true,"monitoring_role_arn":true,"multi_az":true,"nchar_character_set_name":true,"network_type":true,"option_group_name":true,"parameter_group_name":true,"performance_insights_kms_key_id":true,"performance_insights_retention_period":true,"port":true,"replica_mode":true,"replicas":true,"resource_id":true,"restore_to_point_in_time":[],"s3_import":[],"snapshot_identifier":true,"status":true,"storage_throughput":true,"storage_type":true,"tags":{},"tags_all":{},"timezone":true,"vpc_security_group_ids":true},"before_sensitive":false,"after_sensitive":{"blue_green_update":[],"listener_endpoint":[],"master_user_secret":[],"password":true,"password_wo":true,"replicas":[],"restore_to_point_in_time":[],"s3_import":[],"tags":{},"tags_all":{},"vpc_security_group_ids":[]}}},{"address":"aws_db_subnet_group.this","mode":"managed","type":"aws_db_subnet_group","name":"this","provider_name":"registry.terraform.io/hashicorp/aws","change":{"actions":["create"],"before":null,"after":{"description":"Managed by Terraform","subnet_ids":["subnet-2ce69e83ddc4a5e4a","subnet-62636f6aefd0eb785","subnet-7b0e26aaf6212c3a2","subnet-7cacec525168a8732","subnet-ce0742d90dc6c537d","subnet-d4630d098cc0fce67"],"tags":{"Name":"atlas-template-db-subnets"},"tags_all":{"Managed":"terraform","Name":"atlas-template-db-subnets","Project":"atlas-template"}},"after_unknown":{"arn":true,"id":true,"name":true,"name_prefix":true,"subnet_ids":[false,false,false,false,false,false],"supported_network_types":true,"tags":{},"tags_all":{},"vpc_id":true},"before_sensitive":false,"after_sensitive":{"subnet_ids":[false,false,false,false,false,false],"supported_network_types":[],"tags":{},"tags_all":{}}}},{"address":"aws_security_group.db","mode":"managed","type":"aws_security_group","name":"db","provider_name":"registry.terraform.io/hashicorp/aws","change":{"actions":["create"],"before":null,"after":{"description":"Security group for atlas-template RDS MySQL","egress":[{"cidr_blocks":["0.0.0.0/0"],"description":"","from_port":0,"ipv6_cidr_blocks":[],"prefix_list_ids":[],"protocol":"-1","security_groups":[],"self":false,"to_port":0}],"ingress":[{"cidr_blocks":["0.0.0.0/0"],"description":"MySQL","from_port":3306,"ipv6_cidr_blocks":[],"prefix_list_ids":[],"protocol":"tcp","security_groups":[],"self":false,"to_port":3306}],"revoke_rules_on_delete":false,"tags":{"Name":"atlas-template-db-sg"},"tags_all":{"Managed":"terraform","Name":"atlas-template-db-sg","Project":"atlas-template"},"timeouts":null,"vpc_id":"vpc-f634a1a4ff14bb91a"},"after_unknown":{"arn":true,"egress":[{"cidr_blocks":[false],"ipv6_cidr_blocks":[],"prefix_list_ids":[],"security_groups":[]}],"id":true,"ingress":[{"cidr_blocks":[false],"ipv6_cidr_blocks":[],"prefix_list_ids":[],"security_groups":[]}],"name":true,"name_prefix":true,"owner_id":true,"tags":{},"tags_all":{}},"before_sensitive":false,"after_sensitive":{"egress":[{"cidr_blocks":[false],"ipv6_cidr_blocks":[],"prefix_list_ids":[],"security_groups":[]}],"ingress":[{"cidr_blocks":[false],"ipv6_cidr_blocks":[],"prefix_list_ids":[],"security_groups":[]}],"tags":{},"tags_all":{}}}},{"address":"random_id.suffix","mode":"managed","type":"random_id","name":"suffix","provider_name":"registry.terraform.io/hashicorp/random","change":{"actions":["create"],"before":null,"after":{"byte_length":3,"keepers":null,"prefix":null},"after_unknown":{"b64_std":true,"b64_url":true,"dec":true,"hex":true,"id":true},"before_sensitive":false,"after_sensitive":{}}}],"output_changes":{"db_address":{"actions":["create"],"before":null,"after_unknown":true,"before_sensitive":false,"after_sensitive":false},"db_endpoint":{"actions":["create"],"before":null,"after_unknown":true,"before_sensitive":false,"after_sensitive":false},"db_name":{"actions":["create"],"before":null,"after":"app","after_unknown":false,"before_sensitive":false,"after_sensitive":false},"db_port":{"actions":["create"],"before":null,"after_unknown":true,"before_sensitive":false,"after_sensitive":false}},"prior_state":{"format_version":"1.0","terraform_version":"1.13.5","values":{"outputs":{"db_name":{"sensitive":false,"value":"app","type":"string"}},"root_module":{"resources":[{"address":"data.aws_subnets.default","mode":"data","type":"aws_subnets","name":"default","provider_name":"registry.terraform.io/hashicorp/aws","schema_version":0,"values":{"filter":[{"name":"vpc-id","values":["vpc-f634a1a4ff14bb91a"]}],"id":"us-east-1","ids":["subnet-2ce69e83ddc4a5e4a","subnet-7cacec525168a8732","subnet-d4630d098cc0fce67","subnet-62636f6aefd0eb785","subnet-7b0e26aaf6212c3a2","subnet-ce0742d90dc6c537d"],"tags":null,"timeouts":null},"sensitive_values":{"filter":[{"values":[false]}],"ids":[false,false,false,false,false,false]}},{"address":"data.aws_vpc.default","mode":"data","type":"aws_vpc","name":"default","provider_name":"registry.terraform.io/hashicorp/aws","schema_version":0,"values":{"arn":"arn:aws:ec2:us-east-1:000000000000:vpc/vpc-f634a1a4ff14bb91a","cidr_block":"172.31.0.0/16","cidr_block_associations":[{"association_id":"vpc-cidr-assoc-a46ec51fcf7f4ad40","cidr_block":"172.31.0.0/16","state":"associated"}],"default":true,"dhcp_options_id":"default","enable_dns_hostnames":true,"enable_dns_support":true,"enable_network_address_usage_metrics":false,"filter":null,"id":"vpc-f634a1a4ff14bb91a","instance_tenancy":"default","ipv6_association_id":"","ipv6_cidr_block":"","main_route_table_id":"rtb-7fc703cee3440d395","owner_id":"000000000000","state":null,"tags":{},"timeouts":null},"sensitive_values":{"cidr_block_associations":[{}],"tags":{}}}]}}},"configuration":{"provider_config":{"aws":{"name":"aws","full_name":"registry.terraform.io/hashicorp/aws","version_constraint":"~\u003e 5.0","expressions":{"default_tags":[{"tags":{"references":["var.app_name"]}}],"region":{"references":["var.aws_region"]}}},"random":{"name":"random","full_name":"registry.terraform.io/hashicorp/random","version_constraint":"~\u003e 3.6"}},"root_module":{"outputs":{"db_address":{"expression":{"references":["aws_db_instance.mysql.address","aws_db_instance.mysql"]},"description":"RDS endpoint hostname."},"db_endpoint":{"expression":{"references":["aws_db_instance.mysql.endpoint","aws_db_instance.mysql"]},"description":"RDS endpoint address (host:port)."},"db_name":{"expression":{"references":["var.db_name"]},"description":"Database name."},"db_port":{"expression":{"references":["aws_db_instance.mysql.port","aws_db_instance.mysql"]},"description":"RDS port."}},"resources":[{"address":"aws_db_instance.mysql","mode":"managed","type":"aws_db_instance","name":"mysql","provider_config_key":"aws","expressions":{"allocated_storage":{"references":["var.db_allocated_storage"]},"apply_immediately":{"constant_value":true},"db_name":{"references":["var.db_name"]},"db_subnet_group_name":{"references":["aws_db_subnet_group.this.name","aws_db_subnet_group.this"]},"deletion_protection":{"constant_value":false},"engine":{"constant_value":"mysql"},"engine_version":{"references":["var.db_engine_version"]},"identifier":{"references":["var.app_name","random_id.suffix.hex","random_id.suffix"]},"instance_class":{"references":["var.db_instance_class"]},"password":{"references":["var.db_password"]},"publicly_accessible":{"references":["var.db_publicly_accessible"]},"skip_final_snapshot":{"constant_value":true},"tags":{"references":["var.app_name"]},"username":{"references":["var.db_username"]},"vpc_security_group_ids":{"references":["aws_security_group.db.id","aws_security_group.db"]}},"schema_version":2},{"address":"aws_db_subnet_group.this","mode":"managed","type":"aws_db_subnet_group","name":"this","provider_config_key":"aws","expressions":{"name":{"references":["var.app_name","random_id.suffix.hex","random_id.suffix"]},"subnet_ids":{"references":["data.aws_subnets.default.ids","data.aws_subnets.default"]},"tags":{"references":["var.app_name"]}},"schema_version":0},{"address":"aws_security_group.db","mode":"managed","type":"aws_security_group","name":"db","provider_config_key":"aws","expressions":{"description":{"references":["var.app_name"]},"egress":{"constant_value":[{"cidr_blocks":["0.0.0.0/0"],"description":null,"from_port":0,"ipv6_cidr_blocks":null,"prefix_list_ids":null,"protocol":"-1","security_groups":null,"self":null,"to_port":0}]},"ingress":{"references":["var.allowed_cidr_blocks"]},"name":{"references":["var.app_name","random_id.suffix.hex","random_id.suffix"]},"tags":{"references":["var.app_name"]},"vpc_id":{"references":["data.aws_vpc.default.id","data.aws_vpc.default"]}},"schema_version":1},{"address":"random_id.suffix","mode":"managed","type":"random_id","name":"suffix","provider_config_key":"random","expressions":{"byte_length":{"constant_value":3}},"schema_version":0},{"address":"data.aws_subnets.default","mode":"data","type":"aws_subnets","name":"default","provider_config_key":"aws","expressions":{"filter":[{"name":{"constant_value":"vpc-id"},"values":{"references":["data.aws_vpc.default.id","data.aws_vpc.default"]}}]},"schema_version":0},{"address":"data.aws_vpc.default","mode":"data","type":"aws_vpc","name":"default","provider_config_key":"aws","expressions":{"default":{"constant_value":true}},"schema_version":0}],"variables":{"allowed_cidr_blocks":{"default":["0.0.0.0/0"],"description":"CIDR blocks allowed to connect to the database (port 3306)."},"app_name":{"default":"atlas-template","description":"Name prefix for resources."},"aws_region":{"default":"us-east-1","description":"AWS region to deploy into."},"db_allocated_storage":{"default":20,"description":"Allocated storage in GB."},"db_engine_version":{"default":"8.0","description":"MySQL engine version."},"db_instance_class":{"default":"db.t3.micro","description":"RDS instance class."},"db_name":{"default":"app","description":"Initial database name."},"db_password":{"description":"Master password for the RDS instance. Must be at least 8 characters.","sensitive":true},"db_publicly_accessible":{"default":true,"description":"Whether the DB should have a public endpoint. For minimal demo usage, default true."},"db_username":{"default":"appuser","description":"Master username for the RDS instance."}}}},"relevant_attributes":[{"resource":"data.aws_subnets.default","attribute":["ids"]},{"resource":"data.aws_vpc.default","attribute":["id"]},{"resource":"aws_db_instance.mysql","attribute":["endpoint"]},{"resource":"aws_db_instance.mysql","attribute":["port"]},{"resource":"aws_db_subnet_group.this","attribute":["name"]},{"resource":"aws_security_group.db","attribute":["id"]},{"resource":"random_id.suffix","attribute":["hex"]},{"resource":"aws_db_instance.mysql","attribute":["address"]}],"timestamp":"2026-01-27T01:26:11Z","applyable":true,"complete":true,"errored":false}
