{"format_version":"1.2","terraform_version":"1.13.5","variables":{"aws_region":{"value":"us-west-2"},"desired_capacity":{"value":2},"ecr_repo_name":{"value":"range-slider-app"},"eks_cluster_name":{"value":"range-slider-eks"},"max_capacity":{"value":3},"min_capacity":{"value":1},"node_group_instance_types":{"value":["t3.medium"]},"private_subnet_cidrs":{"value":["10.0.101.0/24","10.0.102.0/24"]},"public_subnet_cidrs":{"value":["10.0.1.0/24","10.0.2.0/24"]},"vpc_cidr":{"value":"10.0.0.0/16"}},"planned_values":{"outputs":{"ecr_repository_url":{"sensitive":false},"eks_cluster_ca_certificate":{"sensitive":false},"eks_cluster_endpoint":{"sensitive":false},"eks_cluster_name":{"sensitive":false,"type":"string","value":"range-slider-eks"}},"root_module":{"resources":[{"address":"aws_ecr_repository.app","mode":"managed","type":"aws_ecr_repository","name":"app","provider_name":"registry.terraform.io/hashicorp/aws","schema_version":0,"values":{"encryption_configuration":[],"force_delete":null,"image_scanning_configuration":[{"scan_on_push":true}],"image_tag_mutability":"MUTABLE","image_tag_mutability_exclusion_filter":[],"name":"range-slider-app","region":"us-west-2","tags":{"Name":"range-slider-app"},"tags_all":{"Name":"range-slider-app"},"timeouts":null},"sensitive_values":{"encryption_configuration":[],"image_scanning_configuration":[{}],"image_tag_mutability_exclusion_filter":[],"tags":{},"tags_all":{}},"identity_schema_version":0,"identity":{"account_id":null,"name":null,"region":null}},{"address":"aws_eip.nat","mode":"managed","type":"aws_eip","name":"nat","provider_name":"registry.terraform.io/hashicorp/aws","schema_version":0,"values":{"address":null,"associate_with_private_ip":null,"customer_owned_ipv4_pool":null,"region":"us-west-2","tags":null,"timeouts":null},"sensitive_values":{"tags_all":{}}},{"address":"aws_eks_cluster.eks","mode":"managed","type":"aws_eks_cluster","name":"eks","provider_name":"registry.terraform.io/hashicorp/aws","schema_version":1,"values":{"bootstrap_self_managed_addons":true,"enabled_cluster_log_types":null,"encryption_config":[],"force_update_version":null,"name":"range-slider-eks","outpost_config":[],"region":"us-west-2","remote_network_config":[],"tags":null,"timeouts":null,"version":"1.29","vpc_config":[{"endpoint_private_access":true,"endpoint_public_access":true,"security_group_ids":null}],"zonal_shift_config":[]},"sensitive_values":{"access_config":[],"certificate_authority":[],"compute_config":[],"control_plane_scaling_config":[],"encryption_config":[],"identity":[],"kubernetes_network_config":[],"outpost_config":[],"remote_network_config":[],"storage_config":[],"tags_all":{},"upgrade_policy":[],"vpc_config":[{"public_access_cidrs":[],"subnet_ids":[]}],"zonal_shift_config":[]}},{"address":"aws_eks_node_group.node_group","mode":"managed","type":"aws_eks_node_group","name":"node_group","provider_name":"registry.terraform.io/hashicorp/aws","schema_version":0,"values":{"cluster_name":"range-slider-eks","disk_size":20,"force_update_version":null,"instance_types":["t3.medium"],"labels":null,"launch_template":[],"node_group_name":"range-slider-node-group","region":"us-west-2","remote_access":[],"scaling_config":[{"desired_size":2,"max_size":3,"min_size":1}],"tags":null,"taint":[],"timeouts":null},"sensitive_values":{"instance_types":[false],"launch_template":[],"node_repair_config":[],"remote_access":[],"resources":[],"scaling_config":[{}],"subnet_ids":[],"tags_all":{},"taint":[],"update_config":[]}},{"address":"aws_iam_role.eks_cluster","mode":"managed","type":"aws_iam_role","name":"eks_cluster","provider_name":"registry.terraform.io/hashicorp/aws","schema_version":0,"values":{"assume_role_policy":"{\"Statement\":[{\"Action\":\"sts:AssumeRole\",\"Effect\":\"Allow\",\"Principal\":{\"Service\":\"eks.amazonaws.com\"}}],\"Version\":\"2012-10-17\"}","description":null,"force_detach_policies":false,"max_session_duration":3600,"name":"eksClusterRole","path":"/","permissions_boundary":null,"tags":null},"sensitive_values":{"inline_policy":[],"managed_policy_arns":[],"tags_all":{}},"identity_schema_version":0,"identity":{"account_id":null,"name":null}},{"address":"aws_iam_role.eks_nodes","mode":"managed","type":"aws_iam_role","name":"eks_nodes","provider_name":"registry.terraform.io/hashicorp/aws","schema_version":0,"values":{"assume_role_policy":"{\"Statement\":[{\"Action\":\"sts:AssumeRole\",\"Effect\":\"Allow\",\"Principal\":{\"Service\":\"ec2.amazonaws.com\"}}],\"Version\":\"2012-10-17\"}","description":null,"force_detach_policies":false,"max_session_duration":3600,"name":"eksNodeGroupRole","path":"/","permissions_boundary":null,"tags":null},"sensitive_values":{"inline_policy":[],"managed_policy_arns":[],"tags_all":{}},"identity_schema_version":0,"identity":{"account_id":null,"name":null}},{"address":"aws_iam_role_policy_attachment.eks_cluster_AmazonEKSClusterPolicy","mode":"managed","type":"aws_iam_role_policy_attachment","name":"eks_cluster_AmazonEKSClusterPolicy","provider_name":"registry.terraform.io/hashicorp/aws","schema_version":0,"values":{"policy_arn":"arn:aws:iam::aws:policy/AmazonEKSClusterPolicy","role":"eksClusterRole"},"sensitive_values":{},"identity_schema_version":0,"identity":{"account_id":null,"policy_arn":null,"role":null}},{"address":"aws_iam_role_policy_attachment.eks_nodes_AmazonEC2ContainerRegistryReadOnly","mode":"managed","type":"aws_iam_role_policy_attachment","name":"eks_nodes_AmazonEC2ContainerRegistryReadOnly","provider_name":"registry.terraform.io/hashicorp/aws","schema_version":0,"values":{"policy_arn":"arn:aws:iam::aws:policy/AmazonEC2ContainerRegistryReadOnly","role":"eksNodeGroupRole"},"sensitive_values":{},"identity_schema_version":0,"identity":{"account_id":null,"policy_arn":null,"role":null}},{"address":"aws_iam_role_policy_attachment.eks_nodes_AmazonEKSWorkerNodePolicy","mode":"managed","type":"aws_iam_role_policy_attachment","name":"eks_nodes_AmazonEKSWorkerNodePolicy","provider_name":"registry.terraform.io/hashicorp/aws","schema_version":0,"values":{"policy_arn":"arn:aws:iam::aws:policy/AmazonEKSWorkerNodePolicy","role":"eksNodeGroupRole"},"sensitive_values":{},"identity_schema_version":0,"identity":{"account_id":null,"policy_arn":null,"role":null}},{"address":"aws_iam_role_policy_attachment.eks_nodes_AmazonEKS_CNI_Policy","mode":"managed","type":"aws_iam_role_policy_attachment","name":"eks_nodes_AmazonEKS_CNI_Policy","provider_name":"registry.terraform.io/hashicorp/aws","schema_version":0,"values":{"policy_arn":"arn:aws:iam::aws:policy/AmazonEKS_CNI_Policy","role":"eksNodeGroupRole"},"sensitive_values":{},"identity_schema_version":0,"identity":{"account_id":null,"policy_arn":null,"role":null}},{"address":"aws_internet_gateway.igw","mode":"managed","type":"aws_internet_gateway","name":"igw","provider_name":"registry.terraform.io/hashicorp/aws","schema_version":0,"values":{"region":"us-west-2","tags":{"Name":"range-slider-igw"},"tags_all":{"Name":"range-slider-igw"},"timeouts":null},"sensitive_values":{"tags":{},"tags_all":{}}},{"address":"aws_nat_gateway.nat","mode":"managed","type":"aws_nat_gateway","name":"nat","provider_name":"registry.terraform.io/hashicorp/aws","schema_version":0,"values":{"availability_zone_address":[],"connectivity_type":"public","region":"us-west-2","tags":{"Name":"range-slider-nat"},"tags_all":{"Name":"range-slider-nat"},"timeouts":null},"sensitive_values":{"availability_zone_address":[],"regional_nat_gateway_address":[],"secondary_allocation_ids":[],"secondary_private_ip_addresses":[],"tags":{},"tags_all":{}}},{"address":"aws_route.private_nat_gateway","mode":"managed","type":"aws_route","name":"private_nat_gateway","provider_name":"registry.terraform.io/hashicorp/aws","schema_version":0,"values":{"carrier_gateway_id":null,"core_network_arn":null,"destination_cidr_block":"0.0.0.0/0","destination_ipv6_cidr_block":null,"destination_prefix_list_id":null,"egress_only_gateway_id":null,"gateway_id":null,"local_gateway_id":null,"region":"us-west-2","timeouts":null,"transit_gateway_id":null,"vpc_endpoint_id":null,"vpc_peering_connection_id":null},"sensitive_values":{},"identity_schema_version":0,"identity":{"account_id":null,"destination_cidr_block":null,"destination_ipv6_cidr_block":null,"destination_prefix_list_id":null,"region":null,"route_table_id":null}},{"address":"aws_route.public_internet_access","mode":"managed","type":"aws_route","name":"public_internet_access","provider_name":"registry.terraform.io/hashicorp/aws","schema_version":0,"values":{"carrier_gateway_id":null,"core_network_arn":null,"destination_cidr_block":"0.0.0.0/0","destination_ipv6_cidr_block":null,"destination_prefix_list_id":null,"egress_only_gateway_id":null,"local_gateway_id":null,"nat_gateway_id":null,"region":"us-west-2","timeouts":null,"transit_gateway_id":null,"vpc_endpoint_id":null,"vpc_peering_connection_id":null},"sensitive_values":{},"identity_schema_version":0,"identity":{"account_id":null,"destination_cidr_block":null,"destination_ipv6_cidr_block":null,"destination_prefix_list_id":null,"region":null,"route_table_id":null}},{"address":"aws_route_table.private","mode":"managed","type":"aws_route_table","name":"private","provider_name":"registry.terraform.io/hashicorp/aws","schema_version":0,"values":{"region":"us-west-2","tags":{"Name":"range-slider-private-rt"},"tags_all":{"Name":"range-slider-private-rt"},"timeouts":null},"sensitive_values":{"propagating_vgws":[],"route":[],"tags":{},"tags_all":{}},"identity_schema_version":0,"identity":{"account_id":null,"id":null,"region":null}},{"address":"aws_route_table.public","mode":"managed","type":"aws_route_table","name":"public","provider_name":"registry.terraform.io/hashicorp/aws","schema_version":0,"values":{"region":"us-west-2","tags":{"Name":"range-slider-public-rt"},"tags_all":{"Name":"range-slider-public-rt"},"timeouts":null},"sensitive_values":{"propagating_vgws":[],"route":[],"tags":{},"tags_all":{}},"identity_schema_version":0,"identity":{"account_id":null,"id":null,"region":null}},{"address":"aws_route_table_association.private[0]","mode":"managed","type":"aws_route_table_association","name":"private","index":0,"provider_name":"registry.terraform.io/hashicorp/aws","schema_version":0,"values":{"gateway_id":null,"region":"us-west-2","timeouts":null},"sensitive_values":{}},{"address":"aws_route_table_association.private[1]","mode":"managed","type":"aws_route_table_association","name":"private","index":1,"provider_name":"registry.terraform.io/hashicorp/aws","schema_version":0,"values":{"gateway_id":null,"region":"us-west-2","timeouts":null},"sensitive_values":{}},{"address":"aws_route_table_association.public[0]","mode":"managed","type":"aws_route_table_association","name":"public","index":0,"provider_name":"registry.terraform.io/hashicorp/aws","schema_version":0,"values":{"gateway_id":null,"region":"us-west-2","timeouts":null},"sensitive_values":{}},{"address":"aws_route_table_association.public[1]","mode":"managed","type":"aws_route_table_association","name":"public","index":1,"provider_name":"registry.terraform.io/hashicorp/aws","schema_version":0,"values":{"gateway_id":null,"region":"us-west-2","timeouts":null},"sensitive_values":{}},{"address":"aws_security_group.alb","mode":"managed","type":"aws_security_group","name":"alb","provider_name":"registry.terraform.io/hashicorp/aws","schema_version":1,"values":{"description":"Security group for ALB","egress":[{"cidr_blocks":["0.0.0.0/0"],"description":"","from_port":0,"ipv6_cidr_blocks":[],"prefix_list_ids":[],"protocol":"-1","security_groups":[],"self":false,"to_port":0}],"ingress":[{"cidr_blocks":["0.0.0.0/0"],"description":"Allow HTTP","from_port":80,"ipv6_cidr_blocks":[],"prefix_list_ids":[],"protocol":"tcp","security_groups":[],"self":false,"to_port":80},{"cidr_blocks":["0.0.0.0/0"],"description":"Allow HTTPS","from_port":443,"ipv6_cidr_blocks":[],"prefix_list_ids":[],"protocol":"tcp","security_groups":[],"self":false,"to_port":443}],"name":"alb-sg","region":"us-west-2","revoke_rules_on_delete":false,"tags":{"Name":"alb-sg"},"tags_all":{"Name":"alb-sg"},"timeouts":null},"sensitive_values":{"egress":[{"cidr_blocks":[false],"ipv6_cidr_blocks":[],"prefix_list_ids":[],"security_groups":[]}],"ingress":[{"cidr_blocks":[false],"ipv6_cidr_blocks":[],"prefix_list_ids":[],"security_groups":[]},{"cidr_blocks":[false],"ipv6_cidr_blocks":[],"prefix_list_ids":[],"security_groups":[]}],"tags":{},"tags_all":{}},"identity_schema_version":0,"identity":{"account_id":null,"id":null,"region":null}},{"address":"aws_security_group.eks_nodes","mode":"managed","type":"aws_security_group","name":"eks_nodes","provider_name":"registry.terraform.io/hashicorp/aws","schema_version":1,"values":{"description":"Security group for EKS worker nodes","egress":[{"cidr_blocks":["0.0.0.0/0"],"description":"","from_port":0,"ipv6_cidr_blocks":[],"prefix_list_ids":[],"protocol":"-1","security_groups":[],"self":false,"to_port":0}],"ingress":[{"cidr_blocks":["10.0.0.0/16"],"description":"Allow worker Kubelets and pods to receive communication from the cluster control plane","from_port":1025,"ipv6_cidr_blocks":[],"prefix_list_ids":[],"protocol":"tcp","security_groups":[],"self":false,"to_port":65535},{"cidr_blocks":[],"description":"Allow pods to communicate with each other","from_port":0,"ipv6_cidr_blocks":[],"prefix_list_ids":[],"protocol":"tcp","security_groups":[],"self":true,"to_port":65535}],"name":"eks-nodes-sg","region":"us-west-2","revoke_rules_on_delete":false,"tags":{"Name":"eks-nodes-sg"},"tags_all":{"Name":"eks-nodes-sg"},"timeouts":null},"sensitive_values":{"egress":[{"cidr_blocks":[false],"ipv6_cidr_blocks":[],"prefix_list_ids":[],"security_groups":[]}],"ingress":[{"cidr_blocks":[false],"ipv6_cidr_blocks":[],"prefix_list_ids":[],"security_groups":[]},{"cidr_blocks":[],"ipv6_cidr_blocks":[],"prefix_list_ids":[],"security_groups":[]}],"tags":{},"tags_all":{}},"identity_schema_version":0,"identity":{"account_id":null,"id":null,"region":null}},{"address":"aws_subnet.private[0]","mode":"managed","type":"aws_subnet","name":"private","index":0,"provider_name":"registry.terraform.io/hashicorp/aws","schema_version":1,"values":{"assign_ipv6_address_on_creation":false,"availability_zone":"us-west-2a","cidr_block":"10.0.101.0/24","customer_owned_ipv4_pool":null,"enable_dns64":false,"enable_lni_at_device_index":null,"enable_resource_name_dns_a_record_on_launch":false,"enable_resource_name_dns_aaaa_record_on_launch":false,"ipv6_cidr_block":null,"ipv6_native":false,"map_customer_owned_ip_on_launch":null,"map_public_ip_on_launch":false,"outpost_arn":null,"region":"us-west-2","tags":{"Name":"range-slider-private-1"},"tags_all":{"Name":"range-slider-private-1"},"timeouts":null},"sensitive_values":{"tags":{},"tags_all":{}},"identity_schema_version":0,"identity":{"account_id":null,"id":null,"region":null}},{"address":"aws_subnet.private[1]","mode":"managed","type":"aws_subnet","name":"private","index":1,"provider_name":"registry.terraform.io/hashicorp/aws","schema_version":1,"values":{"assign_ipv6_address_on_creation":false,"availability_zone":"us-west-2b","cidr_block":"10.0.102.0/24","customer_owned_ipv4_pool":null,"enable_dns64":false,"enable_lni_at_device_index":null,"enable_resource_name_dns_a_record_on_launch":false,"enable_resource_name_dns_aaaa_record_on_launch":false,"ipv6_cidr_block":null,"ipv6_native":false,"map_customer_owned_ip_on_launch":null,"map_public_ip_on_launch":false,"outpost_arn":null,"region":"us-west-2","tags":{"Name":"range-slider-private-2"},"tags_all":{"Name":"range-slider-private-2"},"timeouts":null},"sensitive_values":{"tags":{},"tags_all":{}},"identity_schema_version":0,"identity":{"account_id":null,"id":null,"region":null}},{"address":"aws_subnet.public[0]","mode":"managed","type":"aws_subnet","name":"public","index":0,"provider_name":"registry.terraform.io/hashicorp/aws","schema_version":1,"values":{"assign_ipv6_address_on_creation":false,"availability_zone":"us-west-2a","cidr_block":"10.0.1.0/24","customer_owned_ipv4_pool":null,"enable_dns64":false,"enable_lni_at_device_index":null,"enable_resource_name_dns_a_record_on_launch":false,"enable_resource_name_dns_aaaa_record_on_launch":false,"ipv6_cidr_block":null,"ipv6_native":false,"map_customer_owned_ip_on_launch":null,"map_public_ip_on_launch":true,"outpost_arn":null,"region":"us-west-2","tags":{"Name":"range-slider-public-1"},"tags_all":{"Name":"range-slider-public-1"},"timeouts":null},"sensitive_values":{"tags":{},"tags_all":{}},"identity_schema_version":0,"identity":{"account_id":null,"id":null,"region":null}},{"address":"aws_subnet.public[1]","mode":"managed","type":"aws_subnet","name":"public","index":1,"provider_name":"registry.terraform.io/hashicorp/aws","schema_version":1,"values":{"assign_ipv6_address_on_creation":false,"availability_zone":"us-west-2b","cidr_block":"10.0.2.0/24","customer_owned_ipv4_pool":null,"enable_dns64":false,"enable_lni_at_device_index":null,"enable_resource_name_dns_a_record_on_launch":false,"enable_resource_name_dns_aaaa_record_on_launch":false,"ipv6_cidr_block":null,"ipv6_native":false,"map_customer_owned_ip_on_launch":null,"map_public_ip_on_launch":true,"outpost_arn":null,"region":"us-west-2","tags":{"Name":"range-slider-public-2"},"tags_all":{"Name":"range-slider-public-2"},"timeouts":null},"sensitive_values":{"tags":{},"tags_all":{}},"identity_schema_version":0,"identity":{"account_id":null,"id":null,"region":null}},{"address":"aws_vpc.main","mode":"managed","type":"aws_vpc","name":"main","provider_name":"registry.terraform.io/hashicorp/aws","schema_version":1,"values":{"assign_generated_ipv6_cidr_block":null,"cidr_block":"10.0.0.0/16","enable_dns_hostnames":true,"enable_dns_support":true,"instance_tenancy":"default","ipv4_ipam_pool_id":null,"ipv4_netmask_length":null,"ipv6_ipam_pool_id":null,"ipv6_netmask_length":null,"region":"us-west-2","tags":{"Name":"range-slider-vpc"},"tags_all":{"Name":"range-slider-vpc"}},"sensitive_values":{"tags":{},"tags_all":{}},"identity_schema_version":0,"identity":{"account_id":null,"id":null,"region":null}},{"address":"data.aws_eks_cluster_auth.eks","mode":"data","type":"aws_eks_cluster_auth","name":"eks","provider_name":"registry.terraform.io/hashicorp/aws","schema_version":0,"values":{"name":"range-slider-eks"},"sensitive_values":{"token":true}},{"address":"kubernetes_deployment.nginx","mode":"managed","type":"kubernetes_deployment","name":"nginx","provider_name":"registry.terraform.io/hashicorp/kubernetes","schema_version":1,"values":{"metadata":[{"annotations":null,"generate_name":null,"labels":{"app":"range-slider"},"name":"range-slider-deployment","namespace":"default"}],"spec":[{"min_ready_seconds":0,"paused":false,"progress_deadline_seconds":600,"replicas":"2","revision_history_limit":10,"selector":[{"match_expressions":[],"match_labels":{"app":"range-slider"}}],"template":[{"metadata":[{"annotations":null,"generate_name":null,"labels":{"app":"range-slider"},"namespace":null}],"spec":[{"active_deadline_seconds":null,"affinity":[],"automount_service_account_token":true,"container":[{"args":null,"command":null,"env":[],"env_from":[],"lifecycle":[],"liveness_probe":[],"name":"nginx","port":[{"container_port":80,"host_ip":null,"host_port":null,"name":null,"protocol":"TCP"}],"readiness_probe":[],"security_context":[],"startup_probe":[],"stdin":false,"stdin_once":false,"termination_message_path":"/dev/termination-log","tty":false,"volume_device":[],"volume_mount":[],"working_dir":null}],"dns_config":[],"dns_policy":"ClusterFirst","enable_service_links":true,"host_aliases":[],"host_ipc":false,"host_network":false,"host_pid":false,"init_container":[],"node_selector":null,"os":[],"priority_class_name":null,"restart_policy":"Always","runtime_class_name":null,"security_context":[],"share_process_namespace":false,"subdomain":null,"termination_grace_period_seconds":30,"toleration":[],"topology_spread_constraint":[],"volume":[]}]}]}],"timeouts":null,"wait_for_rollout":true},"sensitive_values":{"metadata":[{"labels":{}}],"spec":[{"selector":[{"match_expressions":[],"match_labels":{}}],"strategy":[],"template":[{"metadata":[{"labels":{}}],"spec":[{"affinity":[],"container":[{"env":[],"env_from":[],"lifecycle":[],"liveness_probe":[],"port":[{}],"readiness_probe":[],"resources":[],"security_context":[],"startup_probe":[],"volume_device":[],"volume_mount":[]}],"dns_config":[],"host_aliases":[],"image_pull_secrets":[],"init_container":[],"os":[],"readiness_gate":[],"security_context":[],"toleration":[],"topology_spread_constraint":[],"volume":[]}]}]}]}},{"address":"kubernetes_service.nginx","mode":"managed","type":"kubernetes_service","name":"nginx","provider_name":"registry.terraform.io/hashicorp/kubernetes","schema_version":1,"values":{"metadata":[{"annotations":{"service.beta.kubernetes.io/aws-load-balancer-nlb-target-type":"ip","service.beta.kubernetes.io/aws-load-balancer-scheme":"internet-facing","service.beta.kubernetes.io/aws-load-balancer-type":"alb"},"generate_name":null,"labels":{"app":"range-slider"},"name":"range-slider-service","namespace":"default"}],"spec":[{"allocate_load_balancer_node_ports":true,"external_ips":null,"external_name":null,"load_balancer_class":null,"load_balancer_ip":null,"load_balancer_source_ranges":null,"port":[{"app_protocol":null,"name":null,"port":80,"protocol":"TCP","target_port":"80"}],"publish_not_ready_addresses":false,"selector":{"app":"range-slider"},"session_affinity":"None","type":"LoadBalancer"}],"timeouts":null,"wait_for_load_balancer":true},"sensitive_values":{"metadata":[{"annotations":{},"labels":{}}],"spec":[{"cluster_ips":[],"ip_families":[],"port":[{}],"selector":{},"session_affinity_config":[]}],"status":[]}}]}},"resource_changes":[{"address":"data.aws_eks_cluster_auth.eks","mode":"data","type":"aws_eks_cluster_auth","name":"eks","provider_name":"registry.terraform.io/hashicorp/aws","change":{"actions":["read"],"before":null,"after":{"name":"range-slider-eks"},"after_unknown":{"id":true,"region":true,"token":true},"before_sensitive":false,"after_sensitive":{"token":true}},"action_reason":"read_because_dependency_pending"},{"address":"aws_ecr_repository.app","mode":"managed","type":"aws_ecr_repository","name":"app","provider_name":"registry.terraform.io/hashicorp/aws","change":{"actions":["create"],"before":null,"after":{"encryption_configuration":[],"force_delete":null,"image_scanning_configuration":[{"scan_on_push":true}],"image_tag_mutability":"MUTABLE","image_tag_mutability_exclusion_filter":[],"name":"range-slider-app","region":"us-west-2","tags":{"Name":"range-slider-app"},"tags_all":{"Name":"range-slider-app"},"timeouts":null},"after_unknown":{"arn":true,"encryption_configuration":[],"id":true,"image_scanning_configuration":[{}],"image_tag_mutability_exclusion_filter":[],"registry_id":true,"repository_url":true,"tags":{},"tags_all":{}},"before_sensitive":false,"after_sensitive":{"encryption_configuration":[],"image_scanning_configuration":[{}],"image_tag_mutability_exclusion_filter":[],"tags":{},"tags_all":{}},"after_identity":{"account_id":null,"name":null,"region":null}}},{"address":"aws_eip.nat","mode":"managed","type":"aws_eip","name":"nat","provider_name":"registry.terraform.io/hashicorp/aws","change":{"actions":["create"],"before":null,"after":{"address":null,"associate_with_private_ip":null,"customer_owned_ipv4_pool":null,"region":"us-west-2","tags":null,"timeouts":null},"after_unknown":{"allocation_id":true,"arn":true,"association_id":true,"carrier_ip":true,"customer_owned_ip":true,"domain":true,"id":true,"instance":true,"ipam_pool_id":true,"network_border_group":true,"network_interface":true,"private_dns":true,"private_ip":true,"ptr_record":true,"public_dns":true,"public_ip":true,"public_ipv4_pool":true,"tags_all":true},"before_sensitive":false,"after_sensitive":{"tags_all":{}}}},{"address":"aws_eks_cluster.eks","mode":"managed","type":"aws_eks_cluster","name":"eks","provider_name":"registry.terraform.io/hashicorp/aws","change":{"actions":["create"],"before":null,"after":{"bootstrap_self_managed_addons":true,"enabled_cluster_log_types":null,"encryption_config":[],"force_update_version":null,"name":"range-slider-eks","outpost_config":[],"region":"us-west-2","remote_network_config":[],"tags":null,"timeouts":null,"version":"1.29","vpc_config":[{"endpoint_private_access":true,"endpoint_public_access":true,"security_group_ids":null}],"zonal_shift_config":[]},"after_unknown":{"access_config":true,"arn":true,"certificate_authority":true,"cluster_id":true,"compute_config":true,"control_plane_scaling_config":true,"created_at":true,"deletion_protection":true,"encryption_config":[],"endpoint":true,"id":true,"identity":true,"kubernetes_network_config":true,"outpost_config":[],"platform_version":true,"remote_network_config":[],"role_arn":true,"status":true,"storage_config":true,"tags_all":true,"upgrade_policy":true,"vpc_config":[{"cluster_security_group_id":true,"public_access_cidrs":true,"subnet_ids":true,"vpc_id":true}],"zonal_shift_config":[]},"before_sensitive":false,"after_sensitive":{"access_config":[],"certificate_authority":[],"compute_config":[],"control_plane_scaling_config":[],"encryption_config":[],"identity":[],"kubernetes_network_config":[],"outpost_config":[],"remote_network_config":[],"storage_config":[],"tags_all":{},"upgrade_policy":[],"vpc_config":[{"public_access_cidrs":[],"subnet_ids":[]}],"zonal_shift_config":[]}}},{"address":"aws_eks_node_group.node_group","mode":"managed","type":"aws_eks_node_group","name":"node_group","provider_name":"registry.terraform.io/hashicorp/aws","change":{"actions":["create"],"before":null,"after":{"cluster_name":"range-slider-eks","disk_size":20,"force_update_version":null,"instance_types":["t3.medium"],"labels":null,"launch_template":[],"node_group_name":"range-slider-node-group","region":"us-west-2","remote_access":[],"scaling_config":[{"desired_size":2,"max_size":3,"min_size":1}],"tags":null,"taint":[],"timeouts":null},"after_unknown":{"ami_type":true,"arn":true,"capacity_type":true,"id":true,"instance_types":[false],"launch_template":[],"node_group_name_prefix":true,"node_repair_config":true,"node_role_arn":true,"release_version":true,"remote_access":[],"resources":true,"scaling_config":[{}],"status":true,"subnet_ids":true,"tags_all":true,"taint":[],"update_config":true,"version":true},"before_sensitive":false,"after_sensitive":{"instance_types":[false],"launch_template":[],"node_repair_config":[],"remote_access":[],"resources":[],"scaling_config":[{}],"subnet_ids":[],"tags_all":{},"taint":[],"update_config":[]}}},{"address":"aws_iam_role.eks_cluster","mode":"managed","type":"aws_iam_role","name":"eks_cluster","provider_name":"registry.terraform.io/hashicorp/aws","change":{"actions":["create"],"before":null,"after":{"assume_role_policy":"{\"Statement\":[{\"Action\":\"sts:AssumeRole\",\"Effect\":\"Allow\",\"Principal\":{\"Service\":\"eks.amazonaws.com\"}}],\"Version\":\"2012-10-17\"}","description":null,"force_detach_policies":false,"max_session_duration":3600,"name":"eksClusterRole","path":"/","permissions_boundary":null,"tags":null},"after_unknown":{"arn":true,"create_date":true,"id":true,"inline_policy":true,"managed_policy_arns":true,"name_prefix":true,"tags_all":true,"unique_id":true},"before_sensitive":false,"after_sensitive":{"inline_policy":[],"managed_policy_arns":[],"tags_all":{}},"after_identity":{"account_id":null,"name":null}}},{"address":"aws_iam_role.eks_nodes","mode":"managed","type":"aws_iam_role","name":"eks_nodes","provider_name":"registry.terraform.io/hashicorp/aws","change":{"actions":["create"],"before":null,"after":{"assume_role_policy":"{\"Statement\":[{\"Action\":\"sts:AssumeRole\",\"Effect\":\"Allow\",\"Principal\":{\"Service\":\"ec2.amazonaws.com\"}}],\"Version\":\"2012-10-17\"}","description":null,"force_detach_policies":false,"max_session_duration":3600,"name":"eksNodeGroupRole","path":"/","permissions_boundary":null,"tags":null},"after_unknown":{"arn":true,"create_date":true,"id":true,"inline_policy":true,"managed_policy_arns":true,"name_prefix":true,"tags_all":true,"unique_id":true},"before_sensitive":false,"after_sensitive":{"inline_policy":[],"managed_policy_arns":[],"tags_all":{}},"after_identity":{"account_id":null,"name":null}}},{"address":"aws_iam_role_policy_attachment.eks_cluster_AmazonEKSClusterPolicy","mode":"managed","type":"aws_iam_role_policy_attachment","name":"eks_cluster_AmazonEKSClusterPolicy","provider_name":"registry.terraform.io/hashicorp/aws","change":{"actions":["create"],"before":null,"after":{"policy_arn":"arn:aws:iam::aws:policy/AmazonEKSClusterPolicy","role":"eksClusterRole"},"after_unknown":{"id":true},"before_sensitive":false,"after_sensitive":{},"after_identity":{"account_id":null,"policy_arn":null,"role":null}}},{"address":"aws_iam_role_policy_attachment.eks_nodes_AmazonEC2ContainerRegistryReadOnly","mode":"managed","type":"aws_iam_role_policy_attachment","name":"eks_nodes_AmazonEC2ContainerRegistryReadOnly","provider_name":"registry.terraform.io/hashicorp/aws","change":{"actions":["create"],"before":null,"after":{"policy_arn":"arn:aws:iam::aws:policy/AmazonEC2ContainerRegistryReadOnly","role":"eksNodeGroupRole"},"after_unknown":{"id":true},"before_sensitive":false,"after_sensitive":{},"after_identity":{"account_id":null,"policy_arn":null,"role":null}}},{"address":"aws_iam_role_policy_attachment.eks_nodes_AmazonEKSWorkerNodePolicy","mode":"managed","type":"aws_iam_role_policy_attachment","name":"eks_nodes_AmazonEKSWorkerNodePolicy","provider_name":"registry.terraform.io/hashicorp/aws","change":{"actions":["create"],"before":null,"after":{"policy_arn":"arn:aws:iam::aws:policy/AmazonEKSWorkerNodePolicy","role":"eksNodeGroupRole"},"after_unknown":{"id":true},"before_sensitive":false,"after_sensitive":{},"after_identity":{"account_id":null,"policy_arn":null,"role":null}}},{"address":"aws_iam_role_policy_attachment.eks_nodes_AmazonEKS_CNI_Policy","mode":"managed","type":"aws_iam_role_policy_attachment","name":"eks_nodes_AmazonEKS_CNI_Policy","provider_name":"registry.terraform.io/hashicorp/aws","change":{"actions":["create"],"before":null,"after":{"policy_arn":"arn:aws:iam::aws:policy/AmazonEKS_CNI_Policy","role":"eksNodeGroupRole"},"after_unknown":{"id":true},"before_sensitive":false,"after_sensitive":{},"after_identity":{"account_id":null,"policy_arn":null,"role":null}}},{"address":"aws_internet_gateway.igw","mode":"managed","type":"aws_internet_gateway","name":"igw","provider_name":"registry.terraform.io/hashicorp/aws","change":{"actions":["create"],"before":null,"after":{"region":"us-west-2","tags":{"Name":"range-slider-igw"},"tags_all":{"Name":"range-slider-igw"},"timeouts":null},"after_unknown":{"arn":true,"id":true,"owner_id":true,"tags":{},"tags_all":{},"vpc_id":true},"before_sensitive":false,"after_sensitive":{"tags":{},"tags_all":{}}}},{"address":"aws_nat_gateway.nat","mode":"managed","type":"aws_nat_gateway","name":"nat","provider_name":"registry.terraform.io/hashicorp/aws","change":{"actions":["create"],"before":null,"after":{"availability_zone_address":[],"connectivity_type":"public","region":"us-west-2","tags":{"Name":"range-slider-nat"},"tags_all":{"Name":"range-slider-nat"},"timeouts":null},"after_unknown":{"allocation_id":true,"association_id":true,"auto_provision_zones":true,"auto_scaling_ips":true,"availability_mode":true,"availability_zone_address":[],"id":true,"network_interface_id":true,"private_ip":true,"public_ip":true,"regional_nat_gateway_address":true,"regional_nat_gateway_auto_mode":true,"route_table_id":true,"secondary_allocation_ids":true,"secondary_private_ip_address_count":true,"secondary_private_ip_addresses":true,"subnet_id":true,"tags":{},"tags_all":{},"vpc_id":true},"before_sensitive":false,"after_sensitive":{"availability_zone_address":[],"regional_nat_gateway_address":[],"secondary_allocation_ids":[],"secondary_private_ip_addresses":[],"tags":{},"tags_all":{}}}},{"address":"aws_route.private_nat_gateway","mode":"managed","type":"aws_route","name":"private_nat_gateway","provider_name":"registry.terraform.io/hashicorp/aws","change":{"actions":["create"],"before":null,"after":{"carrier_gateway_id":null,"core_network_arn":null,"destination_cidr_block":"0.0.0.0/0","destination_ipv6_cidr_block":null,"destination_prefix_list_id":null,"egress_only_gateway_id":null,"gateway_id":null,"local_gateway_id":null,"region":"us-west-2","timeouts":null,"transit_gateway_id":null,"vpc_endpoint_id":null,"vpc_peering_connection_id":null},"after_unknown":{"id":true,"instance_id":true,"instance_owner_id":true,"nat_gateway_id":true,"network_interface_id":true,"origin":true,"route_table_id":true,"state":true},"before_sensitive":false,"after_sensitive":{},"after_identity":{"account_id":null,"destination_cidr_block":null,"destination_ipv6_cidr_block":null,"destination_prefix_list_id":null,"region":null,"route_table_id":null}}},{"address":"aws_route.public_internet_access","mode":"managed","type":"aws_route","name":"public_internet_access","provider_name":"registry.terraform.io/hashicorp/aws","change":{"actions":["create"],"before":null,"after":{"carrier_gateway_id":null,"core_network_arn":null,"destination_cidr_block":"0.0.0.0/0","destination_ipv6_cidr_block":null,"destination_prefix_list_id":null,"egress_only_gateway_id":null,"local_gateway_id":null,"nat_gateway_id":null,"region":"us-west-2","timeouts":null,"transit_gateway_id":null,"vpc_endpoint_id":null,"vpc_peering_connection_id":null},"after_unknown":{"gateway_id":true,"id":true,"instance_id":true,"instance_owner_id":true,"network_interface_id":true,"origin":true,"route_table_id":true,"state":true},"before_sensitive":false,"after_sensitive":{},"after_identity":{"account_id":null,"destination_cidr_block":null,"destination_ipv6_cidr_block":null,"destination_prefix_list_id":null,"region":null,"route_table_id":null}}},{"address":"aws_route_table.private","mode":"managed","type":"aws_route_table","name":"private","provider_name":"registry.terraform.io/hashicorp/aws","change":{"actions":["create"],"before":null,"after":{"region":"us-west-2","tags":{"Name":"range-slider-private-rt"},"tags_all":{"Name":"range-slider-private-rt"},"timeouts":null},"after_unknown":{"arn":true,"id":true,"owner_id":true,"propagating_vgws":true,"route":true,"tags":{},"tags_all":{},"vpc_id":true},"before_sensitive":false,"after_sensitive":{"propagating_vgws":[],"route":[],"tags":{},"tags_all":{}},"after_identity":{"account_id":null,"id":null,"region":null}}},{"address":"aws_route_table.public","mode":"managed","type":"aws_route_table","name":"public","provider_name":"registry.terraform.io/hashicorp/aws","change":{"actions":["create"],"before":null,"after":{"region":"us-west-2","tags":{"Name":"range-slider-public-rt"},"tags_all":{"Name":"range-slider-public-rt"},"timeouts":null},"after_unknown":{"arn":true,"id":true,"owner_id":true,"propagating_vgws":true,"route":true,"tags":{},"tags_all":{},"vpc_id":true},"before_sensitive":false,"after_sensitive":{"propagating_vgws":[],"route":[],"tags":{},"tags_all":{}},"after_identity":{"account_id":null,"id":null,"region":null}}},{"address":"aws_route_table_association.private[0]","mode":"managed","type":"aws_route_table_association","name":"private","index":0,"provider_name":"registry.terraform.io/hashicorp/aws","change":{"actions":["create"],"before":null,"after":{"gateway_id":null,"region":"us-west-2","timeouts":null},"after_unknown":{"id":true,"route_table_id":true,"subnet_id":true},"before_sensitive":false,"after_sensitive":{}}},{"address":"aws_route_table_association.private[1]","mode":"managed","type":"aws_route_table_association","name":"private","index":1,"provider_name":"registry.terraform.io/hashicorp/aws","change":{"actions":["create"],"before":null,"after":{"gateway_id":null,"region":"us-west-2","timeouts":null},"after_unknown":{"id":true,"route_table_id":true,"subnet_id":true},"before_sensitive":false,"after_sensitive":{}}},{"address":"aws_route_table_association.public[0]","mode":"managed","type":"aws_route_table_association","name":"public","index":0,"provider_name":"registry.terraform.io/hashicorp/aws","change":{"actions":["create"],"before":null,"after":{"gateway_id":null,"region":"us-west-2","timeouts":null},"after_unknown":{"id":true,"route_table_id":true,"subnet_id":true},"before_sensitive":false,"after_sensitive":{}}},{"address":"aws_route_table_association.public[1]","mode":"managed","type":"aws_route_table_association","name":"public","index":1,"provider_name":"registry.terraform.io/hashicorp/aws","change":{"actions":["create"],"before":null,"after":{"gateway_id":null,"region":"us-west-2","timeouts":null},"after_unknown":{"id":true,"route_table_id":true,"subnet_id":true},"before_sensitive":false,"after_sensitive":{}}},{"address":"aws_security_group.alb","mode":"managed","type":"aws_security_group","name":"alb","provider_name":"registry.terraform.io/hashicorp/aws","change":{"actions":["create"],"before":null,"after":{"description":"Security group for ALB","egress":[{"cidr_blocks":["0.0.0.0/0"],"description":"","from_port":0,"ipv6_cidr_blocks":[],"prefix_list_ids":[],"protocol":"-1","security_groups":[],"self":false,"to_port":0}],"ingress":[{"cidr_blocks":["0.0.0.0/0"],"description":"Allow HTTP","from_port":80,"ipv6_cidr_blocks":[],"prefix_list_ids":[],"protocol":"tcp","security_groups":[],"self":false,"to_port":80},{"cidr_blocks":["0.0.0.0/0"],"description":"Allow HTTPS","from_port":443,"ipv6_cidr_blocks":[],"prefix_list_ids":[],"protocol":"tcp","security_groups":[],"self":false,"to_port":443}],"name":"alb-sg","region":"us-west-2","revoke_rules_on_delete":false,"tags":{"Name":"alb-sg"},"tags_all":{"Name":"alb-sg"},"timeouts":null},"after_unknown":{"arn":true,"egress":[{"cidr_blocks":[false],"ipv6_cidr_blocks":[],"prefix_list_ids":[],"security_groups":[]}],"id":true,"ingress":[{"cidr_blocks":[false],"ipv6_cidr_blocks":[],"prefix_list_ids":[],"security_groups":[]},{"cidr_blocks":[false],"ipv6_cidr_blocks":[],"prefix_list_ids":[],"security_groups":[]}],"name_prefix":true,"owner_id":true,"tags":{},"tags_all":{},"vpc_id":true},"before_sensitive":false,"after_sensitive":{"egress":[{"cidr_blocks":[false],"ipv6_cidr_blocks":[],"prefix_list_ids":[],"security_groups":[]}],"ingress":[{"cidr_blocks":[false],"ipv6_cidr_blocks":[],"prefix_list_ids":[],"security_groups":[]},{"cidr_blocks":[false],"ipv6_cidr_blocks":[],"prefix_list_ids":[],"security_groups":[]}],"tags":{},"tags_all":{}},"after_identity":{"account_id":null,"id":null,"region":null}}},{"address":"aws_security_group.eks_nodes","mode":"managed","type":"aws_security_group","name":"eks_nodes","provider_name":"registry.terraform.io/hashicorp/aws","change":{"actions":["create"],"before":null,"after":{"description":"Security group for EKS worker nodes","egress":[{"cidr_blocks":["0.0.0.0/0"],"description":"","from_port":0,"ipv6_cidr_blocks":[],"prefix_list_ids":[],"protocol":"-1","security_groups":[],"self":false,"to_port":0}],"ingress":[{"cidr_blocks":["10.0.0.0/16"],"description":"Allow worker Kubelets and pods to receive communication from the cluster control plane","from_port":1025,"ipv6_cidr_blocks":[],"prefix_list_ids":[],"protocol":"tcp","security_groups":[],"self":false,"to_port":65535},{"cidr_blocks":[],"description":"Allow pods to communicate with each other","from_port":0,"ipv6_cidr_blocks":[],"prefix_list_ids":[],"protocol":"tcp","security_groups":[],"self":true,"to_port":65535}],"name":"eks-nodes-sg","region":"us-west-2","revoke_rules_on_delete":false,"tags":{"Name":"eks-nodes-sg"},"tags_all":{"Name":"eks-nodes-sg"},"timeouts":null},"after_unknown":{"arn":true,"egress":[{"cidr_blocks":[false],"ipv6_cidr_blocks":[],"prefix_list_ids":[],"security_groups":[]}],"id":true,"ingress":[{"cidr_blocks":[false],"ipv6_cidr_blocks":[],"prefix_list_ids":[],"security_groups":[]},{"cidr_blocks":[],"ipv6_cidr_blocks":[],"prefix_list_ids":[],"security_groups":[]}],"name_prefix":true,"owner_id":true,"tags":{},"tags_all":{},"vpc_id":true},"before_sensitive":false,"after_sensitive":{"egress":[{"cidr_blocks":[false],"ipv6_cidr_blocks":[],"prefix_list_ids":[],"security_groups":[]}],"ingress":[{"cidr_blocks":[false],"ipv6_cidr_blocks":[],"prefix_list_ids":[],"security_groups":[]},{"cidr_blocks":[],"ipv6_cidr_blocks":[],"prefix_list_ids":[],"security_groups":[]}],"tags":{},"tags_all":{}},"after_identity":{"account_id":null,"id":null,"region":null}}},{"address":"aws_subnet.private[0]","mode":"managed","type":"aws_subnet","name":"private","index":0,"provider_name":"registry.terraform.io/hashicorp/aws","change":{"actions":["create"],"before":null,"after":{"assign_ipv6_address_on_creation":false,"availability_zone":"us-west-2a","cidr_block":"10.0.101.0/24","customer_owned_ipv4_pool":null,"enable_dns64":false,"enable_lni_at_device_index":null,"enable_resource_name_dns_a_record_on_launch":false,"enable_resource_name_dns_aaaa_record_on_launch":false,"ipv6_cidr_block":null,"ipv6_native":false,"map_customer_owned_ip_on_launch":null,"map_public_ip_on_launch":false,"outpost_arn":null,"region":"us-west-2","tags":{"Name":"range-slider-private-1"},"tags_all":{"Name":"range-slider-private-1"},"timeouts":null},"after_unknown":{"arn":true,"availability_zone_id":true,"id":true,"ipv6_cidr_block_association_id":true,"owner_id":true,"private_dns_hostname_type_on_launch":true,"tags":{},"tags_all":{},"vpc_id":true},"before_sensitive":false,"after_sensitive":{"tags":{},"tags_all":{}},"after_identity":{"account_id":null,"id":null,"region":null}}},{"address":"aws_subnet.private[1]","mode":"managed","type":"aws_subnet","name":"private","index":1,"provider_name":"registry.terraform.io/hashicorp/aws","change":{"actions":["create"],"before":null,"after":{"assign_ipv6_address_on_creation":false,"availability_zone":"us-west-2b","cidr_block":"10.0.102.0/24","customer_owned_ipv4_pool":null,"enable_dns64":false,"enable_lni_at_device_index":null,"enable_resource_name_dns_a_record_on_launch":false,"enable_resource_name_dns_aaaa_record_on_launch":false,"ipv6_cidr_block":null,"ipv6_native":false,"map_customer_owned_ip_on_launch":null,"map_public_ip_on_launch":false,"outpost_arn":null,"region":"us-west-2","tags":{"Name":"range-slider-private-2"},"tags_all":{"Name":"range-slider-private-2"},"timeouts":null},"after_unknown":{"arn":true,"availability_zone_id":true,"id":true,"ipv6_cidr_block_association_id":true,"owner_id":true,"private_dns_hostname_type_on_launch":true,"tags":{},"tags_all":{},"vpc_id":true},"before_sensitive":false,"after_sensitive":{"tags":{},"tags_all":{}},"after_identity":{"account_id":null,"id":null,"region":null}}},{"address":"aws_subnet.public[0]","mode":"managed","type":"aws_subnet","name":"public","index":0,"provider_name":"registry.terraform.io/hashicorp/aws","change":{"actions":["create"],"before":null,"after":{"assign_ipv6_address_on_creation":false,"availability_zone":"us-west-2a","cidr_block":"10.0.1.0/24","customer_owned_ipv4_pool":null,"enable_dns64":false,"enable_lni_at_device_index":null,"enable_resource_name_dns_a_record_on_launch":false,"enable_resource_name_dns_aaaa_record_on_launch":false,"ipv6_cidr_block":null,"ipv6_native":false,"map_customer_owned_ip_on_launch":null,"map_public_ip_on_launch":true,"outpost_arn":null,"region":"us-west-2","tags":{"Name":"range-slider-public-1"},"tags_all":{"Name":"range-slider-public-1"},"timeouts":null},"after_unknown":{"arn":true,"availability_zone_id":true,"id":true,"ipv6_cidr_block_association_id":true,"owner_id":true,"private_dns_hostname_type_on_launch":true,"tags":{},"tags_all":{},"vpc_id":true},"before_sensitive":false,"after_sensitive":{"tags":{},"tags_all":{}},"after_identity":{"account_id":null,"id":null,"region":null}}},{"address":"aws_subnet.public[1]","mode":"managed","type":"aws_subnet","name":"public","index":1,"provider_name":"registry.terraform.io/hashicorp/aws","change":{"actions":["create"],"before":null,"after":{"assign_ipv6_address_on_creation":false,"availability_zone":"us-west-2b","cidr_block":"10.0.2.0/24","customer_owned_ipv4_pool":null,"enable_dns64":false,"enable_lni_at_device_index":null,"enable_resource_name_dns_a_record_on_launch":false,"enable_resource_name_dns_aaaa_record_on_launch":false,"ipv6_cidr_block":null,"ipv6_native":false,"map_customer_owned_ip_on_launch":null,"map_public_ip_on_launch":true,"outpost_arn":null,"region":"us-west-2","tags":{"Name":"range-slider-public-2"},"tags_all":{"Name":"range-slider-public-2"},"timeouts":null},"after_unknown":{"arn":true,"availability_zone_id":true,"id":true,"ipv6_cidr_block_association_id":true,"owner_id":true,"private_dns_hostname_type_on_launch":true,"tags":{},"tags_all":{},"vpc_id":true},"before_sensitive":false,"after_sensitive":{"tags":{},"tags_all":{}},"after_identity":{"account_id":null,"id":null,"region":null}}},{"address":"aws_vpc.main","mode":"managed","type":"aws_vpc","name":"main","provider_name":"registry.terraform.io/hashicorp/aws","change":{"actions":["create"],"before":null,"after":{"assign_generated_ipv6_cidr_block":null,"cidr_block":"10.0.0.0/16","enable_dns_hostnames":true,"enable_dns_support":true,"instance_tenancy":"default","ipv4_ipam_pool_id":null,"ipv4_netmask_length":null,"ipv6_ipam_pool_id":null,"ipv6_netmask_length":null,"region":"us-west-2","tags":{"Name":"range-slider-vpc"},"tags_all":{"Name":"range-slider-vpc"}},"after_unknown":{"arn":true,"default_network_acl_id":true,"default_route_table_id":true,"default_security_group_id":true,"dhcp_options_id":true,"enable_network_address_usage_metrics":true,"id":true,"ipv6_association_id":true,"ipv6_cidr_block":true,"ipv6_cidr_block_network_border_group":true,"main_route_table_id":true,"owner_id":true,"tags":{},"tags_all":{}},"before_sensitive":false,"after_sensitive":{"tags":{},"tags_all":{}},"after_identity":{"account_id":null,"id":null,"region":null}}},{"address":"kubernetes_deployment.nginx","mode":"managed","type":"kubernetes_deployment","name":"nginx","provider_name":"registry.terraform.io/hashicorp/kubernetes","change":{"actions":["create"],"before":null,"after":{"metadata":[{"annotations":null,"generate_name":null,"labels":{"app":"range-slider"},"name":"range-slider-deployment","namespace":"default"}],"spec":[{"min_ready_seconds":0,"paused":false,"progress_deadline_seconds":600,"replicas":"2","revision_history_limit":10,"selector":[{"match_expressions":[],"match_labels":{"app":"range-slider"}}],"template":[{"metadata":[{"annotations":null,"generate_name":null,"labels":{"app":"range-slider"},"namespace":null}],"spec":[{"active_deadline_seconds":null,"affinity":[],"automount_service_account_token":true,"container":[{"args":null,"command":null,"env":[],"env_from":[],"lifecycle":[],"liveness_probe":[],"name":"nginx","port":[{"container_port":80,"host_ip":null,"host_port":null,"name":null,"protocol":"TCP"}],"readiness_probe":[],"security_context":[],"startup_probe":[],"stdin":false,"stdin_once":false,"termination_message_path":"/dev/termination-log","tty":false,"volume_device":[],"volume_mount":[],"working_dir":null}],"dns_config":[],"dns_policy":"ClusterFirst","enable_service_links":true,"host_aliases":[],"host_ipc":false,"host_network":false,"host_pid":false,"init_container":[],"node_selector":null,"os":[],"priority_class_name":null,"restart_policy":"Always","runtime_class_name":null,"security_context":[],"share_process_namespace":false,"subdomain":null,"termination_grace_period_seconds":30,"toleration":[],"topology_spread_constraint":[],"volume":[]}]}]}],"timeouts":null,"wait_for_rollout":true},"after_unknown":{"id":true,"metadata":[{"generation":true,"labels":{},"resource_version":true,"uid":true}],"spec":[{"selector":[{"match_expressions":[],"match_labels":{}}],"strategy":true,"template":[{"metadata":[{"generation":true,"labels":{},"name":true,"resource_version":true,"uid":true}],"spec":[{"affinity":[],"container":[{"env":[],"env_from":[],"image":true,"image_pull_policy":true,"lifecycle":[],"liveness_probe":[],"port":[{}],"readiness_probe":[],"resources":true,"restart_policy":true,"security_context":[],"startup_probe":[],"termination_message_policy":true,"volume_device":[],"volume_mount":[]}],"dns_config":[],"host_aliases":[],"hostname":true,"image_pull_secrets":true,"init_container":[],"node_name":true,"os":[],"readiness_gate":true,"scheduler_name":true,"security_context":[],"service_account_name":true,"toleration":[],"topology_spread_constraint":[],"volume":[]}]}]}]},"before_sensitive":false,"after_sensitive":{"metadata":[{"labels":{}}],"spec":[{"selector":[{"match_expressions":[],"match_labels":{}}],"strategy":[],"template":[{"metadata":[{"labels":{}}],"spec":[{"affinity":[],"container":[{"env":[],"env_from":[],"lifecycle":[],"liveness_probe":[],"port":[{}],"readiness_probe":[],"resources":[],"security_context":[],"startup_probe":[],"volume_device":[],"volume_mount":[]}],"dns_config":[],"host_aliases":[],"image_pull_secrets":[],"init_container":[],"os":[],"readiness_gate":[],"security_context":[],"toleration":[],"topology_spread_constraint":[],"volume":[]}]}]}]}}},{"address":"kubernetes_service.nginx","mode":"managed","type":"kubernetes_service","name":"nginx","provider_name":"registry.terraform.io/hashicorp/kubernetes","change":{"actions":["create"],"before":null,"after":{"metadata":[{"annotations":{"service.beta.kubernetes.io/aws-load-balancer-nlb-target-type":"ip","service.beta.kubernetes.io/aws-load-balancer-scheme":"internet-facing","service.beta.kubernetes.io/aws-load-balancer-type":"alb"},"generate_name":null,"labels":{"app":"range-slider"},"name":"range-slider-service","namespace":"default"}],"spec":[{"allocate_load_balancer_node_ports":true,"external_ips":null,"external_name":null,"load_balancer_class":null,"load_balancer_ip":null,"load_balancer_source_ranges":null,"port":[{"app_protocol":null,"name":null,"port":80,"protocol":"TCP","target_port":"80"}],"publish_not_ready_addresses":false,"selector":{"app":"range-slider"},"session_affinity":"None","type":"LoadBalancer"}],"timeouts":null,"wait_for_load_balancer":true},"after_unknown":{"id":true,"metadata":[{"annotations":{},"generation":true,"labels":{},"resource_version":true,"uid":true}],"spec":[{"cluster_ip":true,"cluster_ips":true,"external_traffic_policy":true,"health_check_node_port":true,"internal_traffic_policy":true,"ip_families":true,"ip_family_policy":true,"port":[{"node_port":true}],"selector":{},"session_affinity_config":true}],"status":true},"before_sensitive":false,"after_sensitive":{"metadata":[{"annotations":{},"labels":{}}],"spec":[{"cluster_ips":[],"ip_families":[],"port":[{}],"selector":{},"session_affinity_config":[]}],"status":[]}}}],"output_changes":{"ecr_repository_url":{"actions":["create"],"before":null,"after_unknown":true,"before_sensitive":false,"after_sensitive":false},"eks_cluster_ca_certificate":{"actions":["create"],"before":null,"after_unknown":true,"before_sensitive":false,"after_sensitive":false},"eks_cluster_endpoint":{"actions":["create"],"before":null,"after_unknown":true,"before_sensitive":false,"after_sensitive":false},"eks_cluster_name":{"actions":["create"],"before":null,"after":"range-slider-eks","after_unknown":false,"before_sensitive":false,"after_sensitive":false}},"prior_state":{"format_version":"1.0","terraform_version":"1.13.5","values":{"outputs":{"eks_cluster_name":{"sensitive":false,"value":"range-slider-eks","type":"string"}},"root_module":{"resources":[{"address":"data.aws_availability_zones.available","mode":"data","type":"aws_availability_zones","name":"available","provider_name":"registry.terraform.io/hashicorp/aws","schema_version":0,"values":{"all_availability_zones":null,"exclude_names":null,"exclude_zone_ids":null,"filter":null,"group_names":[""],"id":"us-west-2","names":["us-west-2a","us-west-2b","us-west-2c","us-west-2d"],"region":"us-west-2","state":null,"timeouts":null,"zone_ids":["usw2-az2","usw2-az1","usw2-az3","usw2-az4"]},"sensitive_values":{"group_names":[false],"names":[false,false,false,false],"zone_ids":[false,false,false,false]}},{"address":"data.aws_iam_policy_document.eks_assume_role_policy","mode":"data","type":"aws_iam_policy_document","name":"eks_assume_role_policy","provider_name":"registry.terraform.io/hashicorp/aws","schema_version":0,"values":{"id":"3552664922","json":"{\n  \"Version\": \"2012-10-17\",\n  \"Statement\": [\n    {\n      \"Effect\": \"Allow\",\n      \"Action\": \"sts:AssumeRole\",\n      \"Principal\": {\n        \"Service\": \"eks.amazonaws.com\"\n      }\n    }\n  ]\n}","minified_json":"{\"Version\":\"2012-10-17\",\"Statement\":[{\"Effect\":\"Allow\",\"Action\":\"sts:AssumeRole\",\"Principal\":{\"Service\":\"eks.amazonaws.com\"}}]}","override_json":null,"override_policy_documents":null,"policy_id":null,"source_json":null,"source_policy_documents":null,"statement":[{"actions":["sts:AssumeRole"],"condition":[],"effect":"Allow","not_actions":[],"not_principals":[],"not_resources":[],"principals":[{"identifiers":["eks.amazonaws.com"],"type":"Service"}],"resources":[],"sid":""}],"version":"2012-10-17"},"sensitive_values":{"statement":[{"actions":[false],"condition":[],"not_actions":[],"not_principals":[],"not_resources":[],"principals":[{"identifiers":[false]}],"resources":[]}]}},{"address":"data.aws_iam_policy_document.eks_nodes_assume_role_policy","mode":"data","type":"aws_iam_policy_document","name":"eks_nodes_assume_role_policy","provider_name":"registry.terraform.io/hashicorp/aws","schema_version":0,"values":{"id":"2851119427","json":"{\n  \"Version\": \"2012-10-17\",\n  \"Statement\": [\n    {\n      \"Effect\": \"Allow\",\n      \"Action\": \"sts:AssumeRole\",\n      \"Principal\": {\n        \"Service\": \"ec2.amazonaws.com\"\n      }\n    }\n  ]\n}","minified_json":"{\"Version\":\"2012-10-17\",\"Statement\":[{\"Effect\":\"Allow\",\"Action\":\"sts:AssumeRole\",\"Principal\":{\"Service\":\"ec2.amazonaws.com\"}}]}","override_json":null,"override_policy_documents":null,"policy_id":null,"source_json":null,"source_policy_documents":null,"statement":[{"actions":["sts:AssumeRole"],"condition":[],"effect":"Allow","not_actions":[],"not_principals":[],"not_resources":[],"principals":[{"identifiers":["ec2.amazonaws.com"],"type":"Service"}],"resources":[],"sid":""}],"version":"2012-10-17"},"sensitive_values":{"statement":[{"actions":[false],"condition":[],"not_actions":[],"not_principals":[],"not_resources":[],"principals":[{"identifiers":[false]}],"resources":[]}]}}]}}},"configuration":{"provider_config":{"aws":{"name":"aws","full_name":"registry.terraform.io/hashicorp/aws","version_constraint":"\u003e= 5.0.0","expressions":{"region":{"references":["var.aws_region"]}}},"kubernetes":{"name":"kubernetes","full_name":"registry.terraform.io/hashicorp/kubernetes","version_constraint":"\u003e= 2.20.0","expressions":{"cluster_ca_certificate":{"references":["aws_eks_cluster.eks.certificate_authority[0].data","aws_eks_cluster.eks.certificate_authority[0]","aws_eks_cluster.eks.certificate_authority","aws_eks_cluster.eks"]},"host":{"references":["aws_eks_cluster.eks.endpoint","aws_eks_cluster.eks"]},"token":{"references":["data.aws_eks_cluster_auth.eks.token","data.aws_eks_cluster_auth.eks"]}}}},"root_module":{"outputs":{"ecr_repository_url":{"expression":{"references":["aws_ecr_repository.app.repository_url","aws_ecr_repository.app"]}},"eks_cluster_ca_certificate":{"expression":{"references":["aws_eks_cluster.eks.certificate_authority[0].data","aws_eks_cluster.eks.certificate_authority[0]","aws_eks_cluster.eks.certificate_authority","aws_eks_cluster.eks"]}},"eks_cluster_endpoint":{"expression":{"references":["aws_eks_cluster.eks.endpoint","aws_eks_cluster.eks"]}},"eks_cluster_name":{"expression":{"references":["aws_eks_cluster.eks.name","aws_eks_cluster.eks"]}}},"resources":[{"address":"aws_ecr_repository.app","mode":"managed","type":"aws_ecr_repository","name":"app","provider_config_key":"aws","expressions":{"image_scanning_configuration":[{"scan_on_push":{"constant_value":true}}],"name":{"references":["var.ecr_repo_name"]},"tags":{"references":["var.ecr_repo_name"]}},"schema_version":0},{"address":"aws_eip.nat","mode":"managed","type":"aws_eip","name":"nat","provider_config_key":"aws","schema_version":0},{"address":"aws_eks_cluster.eks","mode":"managed","type":"aws_eks_cluster","name":"eks","provider_config_key":"aws","expressions":{"name":{"references":["var.eks_cluster_name"]},"role_arn":{"references":["aws_iam_role.eks_cluster.arn","aws_iam_role.eks_cluster"]},"version":{"constant_value":"1.29"},"vpc_config":[{"endpoint_private_access":{"constant_value":true},"endpoint_public_access":{"constant_value":true},"subnet_ids":{"references":["aws_subnet.public","aws_subnet.private"]}}]},"schema_version":1,"depends_on":["aws_iam_role_policy_attachment.eks_cluster_AmazonEKSClusterPolicy"]},{"address":"aws_eks_node_group.node_group","mode":"managed","type":"aws_eks_node_group","name":"node_group","provider_config_key":"aws","expressions":{"cluster_name":{"references":["aws_eks_cluster.eks.name","aws_eks_cluster.eks"]},"disk_size":{"constant_value":20},"instance_types":{"references":["var.node_group_instance_types"]},"node_group_name":{"constant_value":"range-slider-node-group"},"node_role_arn":{"references":["aws_iam_role.eks_nodes.arn","aws_iam_role.eks_nodes"]},"scaling_config":[{"desired_size":{"references":["var.desired_capacity"]},"max_size":{"references":["var.max_capacity"]},"min_size":{"references":["var.min_capacity"]}}],"subnet_ids":{"references":["aws_subnet.private"]}},"schema_version":0,"depends_on":["aws_iam_role_policy_attachment.eks_nodes_AmazonEKSWorkerNodePolicy"]},{"address":"aws_iam_role.eks_cluster","mode":"managed","type":"aws_iam_role","name":"eks_cluster","provider_config_key":"aws","expressions":{"assume_role_policy":{"references":["data.aws_iam_policy_document.eks_assume_role_policy.json","data.aws_iam_policy_document.eks_assume_role_policy"]},"name":{"constant_value":"eksClusterRole"}},"schema_version":0},{"address":"aws_iam_role.eks_nodes","mode":"managed","type":"aws_iam_role","name":"eks_nodes","provider_config_key":"aws","expressions":{"assume_role_policy":{"references":["data.aws_iam_policy_document.eks_nodes_assume_role_policy.json","data.aws_iam_policy_document.eks_nodes_assume_role_policy"]},"name":{"constant_value":"eksNodeGroupRole"}},"schema_version":0},{"address":"aws_iam_role_policy_attachment.eks_cluster_AmazonEKSClusterPolicy","mode":"managed","type":"aws_iam_role_policy_attachment","name":"eks_cluster_AmazonEKSClusterPolicy","provider_config_key":"aws","expressions":{"policy_arn":{"constant_value":"arn:aws:iam::aws:policy/AmazonEKSClusterPolicy"},"role":{"references":["aws_iam_role.eks_cluster.name","aws_iam_role.eks_cluster"]}},"schema_version":0},{"address":"aws_iam_role_policy_attachment.eks_nodes_AmazonEC2ContainerRegistryReadOnly","mode":"managed","type":"aws_iam_role_policy_attachment","name":"eks_nodes_AmazonEC2ContainerRegistryReadOnly","provider_config_key":"aws","expressions":{"policy_arn":{"constant_value":"arn:aws:iam::aws:policy/AmazonEC2ContainerRegistryReadOnly"},"role":{"references":["aws_iam_role.eks_nodes.name","aws_iam_role.eks_nodes"]}},"schema_version":0},{"address":"aws_iam_role_policy_attachment.eks_nodes_AmazonEKSWorkerNodePolicy","mode":"managed","type":"aws_iam_role_policy_attachment","name":"eks_nodes_AmazonEKSWorkerNodePolicy","provider_config_key":"aws","expressions":{"policy_arn":{"constant_value":"arn:aws:iam::aws:policy/AmazonEKSWorkerNodePolicy"},"role":{"references":["aws_iam_role.eks_nodes.name","aws_iam_role.eks_nodes"]}},"schema_version":0},{"address":"aws_iam_role_policy_attachment.eks_nodes_AmazonEKS_CNI_Policy","mode":"managed","type":"aws_iam_role_policy_attachment","name":"eks_nodes_AmazonEKS_CNI_Policy","provider_config_key":"aws","expressions":{"policy_arn":{"constant_value":"arn:aws:iam::aws:policy/AmazonEKS_CNI_Policy"},"role":{"references":["aws_iam_role.eks_nodes.name","aws_iam_role.eks_nodes"]}},"schema_version":0},{"address":"aws_internet_gateway.igw","mode":"managed","type":"aws_internet_gateway","name":"igw","provider_config_key":"aws","expressions":{"tags":{"constant_value":{"Name":"range-slider-igw"}},"vpc_id":{"references":["aws_vpc.main.id","aws_vpc.main"]}},"schema_version":0},{"address":"aws_nat_gateway.nat","mode":"managed","type":"aws_nat_gateway","name":"nat","provider_config_key":"aws","expressions":{"allocation_id":{"references":["aws_eip.nat.id","aws_eip.nat"]},"subnet_id":{"references":["aws_subnet.public[0].id","aws_subnet.public[0]","aws_subnet.public"]},"tags":{"constant_value":{"Name":"range-slider-nat"}}},"schema_version":0},{"address":"aws_route.private_nat_gateway","mode":"managed","type":"aws_route","name":"private_nat_gateway","provider_config_key":"aws","expressions":{"destination_cidr_block":{"constant_value":"0.0.0.0/0"},"nat_gateway_id":{"references":["aws_nat_gateway.nat.id","aws_nat_gateway.nat"]},"route_table_id":{"references":["aws_route_table.private.id","aws_route_table.private"]}},"schema_version":0},{"address":"aws_route.public_internet_access","mode":"managed","type":"aws_route","name":"public_internet_access","provider_config_key":"aws","expressions":{"destination_cidr_block":{"constant_value":"0.0.0.0/0"},"gateway_id":{"references":["aws_internet_gateway.igw.id","aws_internet_gateway.igw"]},"route_table_id":{"references":["aws_route_table.public.id","aws_route_table.public"]}},"schema_version":0},{"address":"aws_route_table.private","mode":"managed","type":"aws_route_table","name":"private","provider_config_key":"aws","expressions":{"tags":{"constant_value":{"Name":"range-slider-private-rt"}},"vpc_id":{"references":["aws_vpc.main.id","aws_vpc.main"]}},"schema_version":0},{"address":"aws_route_table.public","mode":"managed","type":"aws_route_table","name":"public","provider_config_key":"aws","expressions":{"tags":{"constant_value":{"Name":"range-slider-public-rt"}},"vpc_id":{"references":["aws_vpc.main.id","aws_vpc.main"]}},"schema_version":0},{"address":"aws_route_table_association.private","mode":"managed","type":"aws_route_table_association","name":"private","provider_config_key":"aws","expressions":{"route_table_id":{"references":["aws_route_table.private.id","aws_route_table.private"]},"subnet_id":{"references":["aws_subnet.private","count.index"]}},"schema_version":0,"count_expression":{"references":["aws_subnet.private"]}},{"address":"aws_route_table_association.public","mode":"managed","type":"aws_route_table_association","name":"public","provider_config_key":"aws","expressions":{"route_table_id":{"references":["aws_route_table.public.id","aws_route_table.public"]},"subnet_id":{"references":["aws_subnet.public","count.index"]}},"schema_version":0,"count_expression":{"references":["aws_subnet.public"]}},{"address":"aws_security_group.alb","mode":"managed","type":"aws_security_group","name":"alb","provider_config_key":"aws","expressions":{"description":{"constant_value":"Security group for ALB"},"egress":{"constant_value":[{"cidr_blocks":["0.0.0.0/0"],"description":null,"from_port":0,"ipv6_cidr_blocks":null,"prefix_list_ids":null,"protocol":"-1","security_groups":null,"self":null,"to_port":0}]},"ingress":{"constant_value":[{"cidr_blocks":["0.0.0.0/0"],"description":"Allow HTTP","from_port":80,"ipv6_cidr_blocks":null,"prefix_list_ids":null,"protocol":"tcp","security_groups":null,"self":null,"to_port":80},{"cidr_blocks":["0.0.0.0/0"],"description":"Allow HTTPS","from_port":443,"ipv6_cidr_blocks":null,"prefix_list_ids":null,"protocol":"tcp","security_groups":null,"self":null,"to_port":443}]},"name":{"constant_value":"alb-sg"},"tags":{"constant_value":{"Name":"alb-sg"}},"vpc_id":{"references":["aws_vpc.main.id","aws_vpc.main"]}},"schema_version":1},{"address":"aws_security_group.eks_nodes","mode":"managed","type":"aws_security_group","name":"eks_nodes","provider_config_key":"aws","expressions":{"description":{"constant_value":"Security group for EKS worker nodes"},"egress":{"constant_value":[{"cidr_blocks":["0.0.0.0/0"],"description":null,"from_port":0,"ipv6_cidr_blocks":null,"prefix_list_ids":null,"protocol":"-1","security_groups":null,"self":null,"to_port":0}]},"ingress":{"references":["aws_vpc.main.cidr_block","aws_vpc.main"]},"name":{"constant_value":"eks-nodes-sg"},"tags":{"constant_value":{"Name":"eks-nodes-sg"}},"vpc_id":{"references":["aws_vpc.main.id","aws_vpc.main"]}},"schema_version":1},{"address":"aws_subnet.private","mode":"managed","type":"aws_subnet","name":"private","provider_config_key":"aws","expressions":{"availability_zone":{"references":["data.aws_availability_zones.available.names","data.aws_availability_zones.available","count.index"]},"cidr_block":{"references":["var.private_subnet_cidrs","count.index"]},"tags":{"references":["count.index"]},"vpc_id":{"references":["aws_vpc.main.id","aws_vpc.main"]}},"schema_version":1,"count_expression":{"references":["var.private_subnet_cidrs"]}},{"address":"aws_subnet.public","mode":"managed","type":"aws_subnet","name":"public","provider_config_key":"aws","expressions":{"availability_zone":{"references":["data.aws_availability_zones.available.names","data.aws_availability_zones.available","count.index"]},"cidr_block":{"references":["var.public_subnet_cidrs","count.index"]},"map_public_ip_on_launch":{"constant_value":true},"tags":{"references":["count.index"]},"vpc_id":{"references":["aws_vpc.main.id","aws_vpc.main"]}},"schema_version":1,"count_expression":{"references":["var.public_subnet_cidrs"]}},{"address":"aws_vpc.main","mode":"managed","type":"aws_vpc","name":"main","provider_config_key":"aws","expressions":{"cidr_block":{"references":["var.vpc_cidr"]},"enable_dns_hostnames":{"constant_value":true},"enable_dns_support":{"constant_value":true},"tags":{"constant_value":{"Name":"range-slider-vpc"}}},"schema_version":1},{"address":"kubernetes_deployment.nginx","mode":"managed","type":"kubernetes_deployment","name":"nginx","provider_config_key":"kubernetes","expressions":{"metadata":[{"labels":{"constant_value":{"app":"range-slider"}},"name":{"constant_value":"range-slider-deployment"},"namespace":{"constant_value":"default"}}],"spec":[{"replicas":{"constant_value":2},"selector":[{"match_labels":{"constant_value":{"app":"range-slider"}}}],"template":[{"metadata":[{"labels":{"constant_value":{"app":"range-slider"}}}],"spec":[{"container":[{"image":{"references":["aws_ecr_repository.app.repository_url","aws_ecr_repository.app"]},"name":{"constant_value":"nginx"},"port":[{"container_port":{"constant_value":80}}]}]}]}]}]},"schema_version":1},{"address":"kubernetes_service.nginx","mode":"managed","type":"kubernetes_service","name":"nginx","provider_config_key":"kubernetes","expressions":{"metadata":[{"annotations":{"constant_value":{"service.beta.kubernetes.io/aws-load-balancer-nlb-target-type":"ip","service.beta.kubernetes.io/aws-load-balancer-scheme":"internet-facing","service.beta.kubernetes.io/aws-load-balancer-type":"alb"}},"labels":{"constant_value":{"app":"range-slider"}},"name":{"constant_value":"range-slider-service"},"namespace":{"constant_value":"default"}}],"spec":[{"port":[{"port":{"constant_value":80},"target_port":{"constant_value":80}}],"selector":{"constant_value":{"app":"range-slider"}},"type":{"constant_value":"LoadBalancer"}}]},"schema_version":1},{"address":"data.aws_availability_zones.available","mode":"data","type":"aws_availability_zones","name":"available","provider_config_key":"aws","schema_version":0},{"address":"data.aws_eks_cluster_auth.eks","mode":"data","type":"aws_eks_cluster_auth","name":"eks","provider_config_key":"aws","expressions":{"name":{"references":["aws_eks_cluster.eks.name","aws_eks_cluster.eks"]}},"schema_version":0},{"address":"data.aws_iam_policy_document.eks_assume_role_policy","mode":"data","type":"aws_iam_policy_document","name":"eks_assume_role_policy","provider_config_key":"aws","expressions":{"statement":[{"actions":{"constant_value":["sts:AssumeRole"]},"principals":[{"identifiers":{"constant_value":["eks.amazonaws.com"]},"type":{"constant_value":"Service"}}]}]},"schema_version":0},{"address":"data.aws_iam_policy_document.eks_nodes_assume_role_policy","mode":"data","type":"aws_iam_policy_document","name":"eks_nodes_assume_role_policy","provider_config_key":"aws","expressions":{"statement":[{"actions":{"constant_value":["sts:AssumeRole"]},"principals":[{"identifiers":{"constant_value":["ec2.amazonaws.com"]},"type":{"constant_value":"Service"}}]}]},"schema_version":0}],"variables":{"aws_region":{"default":"us-west-2","description":"AWS region to deploy resources in."},"desired_capacity":{"default":2,"description":"Desired number of worker nodes."},"ecr_repo_name":{"default":"range-slider-app","description":"Name of the ECR repository for Docker images."},"eks_cluster_name":{"default":"range-slider-eks","description":"Name for the EKS cluster."},"max_capacity":{"default":3,"description":"Maximum number of worker nodes."},"min_capacity":{"default":1,"description":"Minimum number of worker nodes."},"node_group_instance_types":{"default":["t3.medium"],"description":"EC2 instance types for EKS node group."},"private_subnet_cidrs":{"default":["10.0.101.0/24","10.0.102.0/24"],"description":"List of private subnet CIDRs."},"public_subnet_cidrs":{"default":["10.0.1.0/24","10.0.2.0/24"],"description":"List of public subnet CIDRs."},"vpc_cidr":{"default":"10.0.0.0/16","description":"CIDR block for the VPC."}}}},"relevant_attributes":[{"resource":"aws_route_table.public","attribute":["id"]},{"resource":"aws_iam_role.eks_cluster","attribute":["name"]},{"resource":"aws_vpc.main","attribute":["id"]},{"resource":"aws_internet_gateway.igw","attribute":["id"]},{"resource":"aws_route_table.private","attribute":["id"]},{"resource":"aws_subnet.private","attribute":[]},{"resource":"data.aws_iam_policy_document.eks_assume_role_policy","attribute":["json"]},{"resource":"aws_eks_cluster.eks","attribute":["certificate_authority",0,"data"]},{"resource":"aws_subnet.public[0]","attribute":["id"]},{"resource":"aws_subnet.public","attribute":[]},{"resource":"data.aws_iam_policy_document.eks_nodes_assume_role_policy","attribute":["json"]},{"resource":"aws_iam_role.eks_nodes","attribute":["name"]},{"resource":"data.aws_availability_zones.available","attribute":["names"]},{"resource":"aws_vpc.main","attribute":["cidr_block"]},{"resource":"aws_eks_cluster.eks","attribute":["endpoint"]},{"resource":"aws_ecr_repository.app","attribute":["repository_url"]},{"resource":"aws_eks_cluster.eks","attribute":["name"]},{"resource":"aws_iam_role.eks_cluster","attribute":["arn"]},{"resource":"aws_eip.nat","attribute":["id"]},{"resource":"aws_iam_role.eks_nodes","attribute":["arn"]},{"resource":"aws_nat_gateway.nat","attribute":["id"]}],"timestamp":"2026-01-19T16:54:48Z","applyable":true,"complete":true,"errored":false}
