data.archive_file.lambda_dummy: Reading...
data.archive_file.lambda_dummy: Read complete after 0s [id=58e93fade67637870be5af38eff8d5aa66c7da49]
data.aws_vpc.default: Reading...
data.aws_iam_policy_document.lambda_assume_role: Reading...
data.aws_iam_policy_document.lambda_assume_role: Read complete after 0s [id=2690255455]
data.aws_vpc.default: Read complete after 2s [id=vpc-e22fb1fb3a26cf5cc]
data.aws_subnets.default: Reading...
data.aws_security_group.default: Reading...
data.aws_subnets.default: Read complete after 0s [id=us-east-1]
data.aws_security_group.default: Read complete after 0s [id=sg-afde0391e36b3fa77]

Terraform used the selected providers to generate the following execution
plan. Resource actions are indicated with the following symbols:
  + create

Terraform will perform the following actions:

  # aws_iam_role.lambda_exec will be created
  + resource "aws_iam_role" "lambda_exec" {
      + arn                   = (known after apply)
      + assume_role_policy    = jsonencode(
            {
              + Statement = [
                  + {
                      + Action    = "sts:AssumeRole"
                      + Effect    = "Allow"
                      + Principal = {
                          + Service = "lambda.amazonaws.com"
                        }
                    },
                ]
              + Version   = "2012-10-17"
            }
        )
      + create_date           = (known after apply)
      + force_detach_policies = false
      + id                    = (known after apply)
      + managed_policy_arns   = (known after apply)
      + max_session_duration  = 3600
      + name                  = "ai-basis-lambda-exec"
      + name_prefix           = (known after apply)
      + path                  = "/"
      + tags_all              = (known after apply)
      + unique_id             = (known after apply)

      + inline_policy (known after apply)
    }

  # aws_iam_role_policy_attachment.lambda_basic will be created
  + resource "aws_iam_role_policy_attachment" "lambda_basic" {
      + id         = (known after apply)
      + policy_arn = "arn:aws:iam::aws:policy/service-role/AWSLambdaBasicExecutionRole"
      + role       = "ai-basis-lambda-exec"
    }

  # aws_lambda_function.trigger_dag will be created
  + resource "aws_lambda_function" "trigger_dag" {
      + architectures                  = (known after apply)
      + arn                            = (known after apply)
      + code_sha256                    = (known after apply)
      + filename                       = "../infra/src/lambda/trigger-dag/index.py"
      + function_name                  = "ai-basis-trigger-dag"
      + handler                        = "index.lambda_handler"
      + id                             = (known after apply)
      + invoke_arn                     = (known after apply)
      + last_modified                  = (known after apply)
      + memory_size                    = 128
      + package_type                   = "Zip"
      + publish                        = false
      + qualified_arn                  = (known after apply)
      + qualified_invoke_arn           = (known after apply)
      + region                         = "us-east-1"
      + reserved_concurrent_executions = -1
      + response_streaming_invoke_arn  = (known after apply)
      + role                           = (known after apply)
      + runtime                        = "python3.9"
      + signing_job_arn                = (known after apply)
      + signing_profile_version_arn    = (known after apply)
      + skip_destroy                   = false
      + source_code_hash               = "q2DBDUf92gquQyKLcRMbfbh9MckibgznVIeRVEAm1dw="
      + source_code_size               = (known after apply)
      + tags_all                       = (known after apply)
      + timeout                        = 3
      + version                        = (known after apply)

      + environment {
          + variables = {
              + "LOG_LEVEL"     = "INFO"
              + "MWAA_ENV_NAME" = "ai-basis-mwaa"
            }
        }

      + ephemeral_storage (known after apply)

      + logging_config (known after apply)

      + tracing_config (known after apply)
    }

  # aws_lambda_permission.allow_s3 will be created
  + resource "aws_lambda_permission" "allow_s3" {
      + action              = "lambda:InvokeFunction"
      + function_name       = "ai-basis-trigger-dag"
      + id                  = (known after apply)
      + principal           = "s3.amazonaws.com"
      + region              = "us-east-1"
      + source_arn          = (known after apply)
      + statement_id        = "AllowExecutionFromS3"
      + statement_id_prefix = (known after apply)
    }

  # aws_mwaa_environment.mwaa will be created
  + resource "aws_mwaa_environment" "mwaa" {
      + airflow_version                  = "2.9.3"
      + arn                              = (known after apply)
      + created_at                       = (known after apply)
      + dag_s3_path                      = "dags/hello-world-dag.py"
      + database_vpc_endpoint_service    = (known after apply)
      + endpoint_management              = (known after apply)
      + environment_class                = "mw1.small"
      + execution_role_arn               = (known after apply)
      + id                               = (known after apply)
      + last_updated                     = (known after apply)
      + max_webservers                   = (known after apply)
      + max_workers                      = (known after apply)
      + min_webservers                   = (known after apply)
      + min_workers                      = (known after apply)
      + name                             = "ai-basis-mwaa"
      + plugins_s3_object_version        = (known after apply)
      + region                           = "us-east-1"
      + requirements_s3_object_version   = (known after apply)
      + schedulers                       = (known after apply)
      + service_role_arn                 = (known after apply)
      + source_bucket_arn                = (known after apply)
      + startup_script_s3_object_version = (known after apply)
      + status                           = (known after apply)
      + tags                             = {
          + "Name" = "ai-basis-mwaa"
        }
      + tags_all                         = {
          + "Name" = "ai-basis-mwaa"
        }
      + webserver_access_mode            = "PUBLIC_ONLY"
      + webserver_url                    = (known after apply)
      + webserver_vpc_endpoint_service   = (known after apply)
      + weekly_maintenance_window_start  = (known after apply)
      + worker_replacement_strategy      = (known after apply)

      + logging_configuration (known after apply)

      + network_configuration {
          + security_group_ids = [
              + "sg-afde0391e36b3fa77",
            ]
          + subnet_ids         = [
              + "subnet-298ab69735450c380",
              + "subnet-29ba50d24b8b23958",
              + "subnet-488a38e2c2c6823ff",
              + "subnet-4c759055e560962fb",
              + "subnet-5bd01985ee55fb8aa",
              + "subnet-60d2ad888fae30d17",
            ]
        }
    }

  # aws_s3_bucket.input_bucket will be created
  + resource "aws_s3_bucket" "input_bucket" {
      + acceleration_status         = (known after apply)
      + acl                         = (known after apply)
      + arn                         = (known after apply)
      + bucket                      = "ai-basis-input-us-east-1"
      + bucket_domain_name          = (known after apply)
      + bucket_prefix               = (known after apply)
      + bucket_region               = (known after apply)
      + bucket_regional_domain_name = (known after apply)
      + force_destroy               = true
      + hosted_zone_id              = (known after apply)
      + id                          = (known after apply)
      + object_lock_enabled         = (known after apply)
      + policy                      = (known after apply)
      + region                      = "us-east-1"
      + request_payer               = (known after apply)
      + tags                        = {
          + "Name" = "ai-basis-input"
        }
      + tags_all                    = {
          + "Name" = "ai-basis-input"
        }
      + website_domain              = (known after apply)
      + website_endpoint            = (known after apply)

      + cors_rule (known after apply)

      + grant (known after apply)

      + lifecycle_rule (known after apply)

      + logging (known after apply)

      + object_lock_configuration (known after apply)

      + replication_configuration (known after apply)

      + server_side_encryption_configuration (known after apply)

      + versioning (known after apply)

      + website (known after apply)
    }

  # aws_s3_bucket_notification.input_bucket_notification will be created
  + resource "aws_s3_bucket_notification" "input_bucket_notification" {
      + bucket      = (known after apply)
      + eventbridge = false
      + id          = (known after apply)
      + region      = "us-east-1"

      + lambda_function {
          + events              = [
              + "s3:ObjectCreated:Put",
            ]
          + filter_prefix       = "input.json"
          + id                  = (known after apply)
          + lambda_function_arn = (known after apply)
        }
    }

Plan: 7 to add, 0 to change, 0 to destroy.

Changes to Outputs:
  + input_bucket_id    = (known after apply)
  + mwaa_webserver_url = (known after apply)
