{"format_version":"1.2","terraform_version":"1.13.5","variables":{"app_name":{"value":"ai-basis"},"aws_region":{"value":"us-east-1"}},"planned_values":{"outputs":{"input_bucket_id":{"sensitive":false},"mwaa_webserver_url":{"sensitive":false}},"root_module":{"resources":[{"address":"aws_iam_role.lambda_exec","mode":"managed","type":"aws_iam_role","name":"lambda_exec","provider_name":"registry.terraform.io/hashicorp/aws","schema_version":0,"values":{"assume_role_policy":"{\"Statement\":[{\"Action\":\"sts:AssumeRole\",\"Effect\":\"Allow\",\"Principal\":{\"Service\":\"lambda.amazonaws.com\"}}],\"Version\":\"2012-10-17\"}","description":null,"force_detach_policies":false,"max_session_duration":3600,"name":"ai-basis-lambda-exec","path":"/","permissions_boundary":null,"tags":null},"sensitive_values":{"inline_policy":[],"managed_policy_arns":[],"tags_all":{}},"identity_schema_version":0,"identity":{"account_id":null,"name":null}},{"address":"aws_iam_role_policy_attachment.lambda_basic","mode":"managed","type":"aws_iam_role_policy_attachment","name":"lambda_basic","provider_name":"registry.terraform.io/hashicorp/aws","schema_version":0,"values":{"policy_arn":"arn:aws:iam::aws:policy/service-role/AWSLambdaBasicExecutionRole","role":"ai-basis-lambda-exec"},"sensitive_values":{},"identity_schema_version":0,"identity":{"account_id":null,"policy_arn":null,"role":null}},{"address":"aws_lambda_function.trigger_dag","mode":"managed","type":"aws_lambda_function","name":"trigger_dag","provider_name":"registry.terraform.io/hashicorp/aws","schema_version":0,"values":{"capacity_provider_config":[],"code_signing_config_arn":null,"dead_letter_config":[],"description":null,"durable_config":[],"environment":[{"variables":{"LOG_LEVEL":"INFO","MWAA_ENV_NAME":"ai-basis-mwaa"}}],"file_system_config":[],"filename":"../infra/src/lambda/trigger-dag/index.py","function_name":"ai-basis-trigger-dag","handler":"index.lambda_handler","image_config":[],"image_uri":null,"kms_key_arn":null,"layers":null,"memory_size":128,"package_type":"Zip","publish":false,"publish_to":null,"region":"us-east-1","replace_security_groups_on_destroy":null,"replacement_security_group_ids":null,"reserved_concurrent_executions":-1,"runtime":"python3.9","s3_bucket":null,"s3_key":null,"s3_object_version":null,"skip_destroy":false,"snap_start":[],"source_code_hash":"q2DBDUf92gquQyKLcRMbfbh9MckibgznVIeRVEAm1dw=","source_kms_key_arn":null,"tags":null,"tenancy_config":[],"timeout":3,"timeouts":null,"vpc_config":[]},"sensitive_values":{"architectures":[],"capacity_provider_config":[],"dead_letter_config":[],"durable_config":[],"environment":[{"variables":{}}],"ephemeral_storage":[],"file_system_config":[],"image_config":[],"logging_config":[],"snap_start":[],"tags_all":{},"tenancy_config":[],"tracing_config":[],"vpc_config":[]},"identity_schema_version":0,"identity":{"account_id":null,"function_name":null,"region":null}},{"address":"aws_lambda_permission.allow_s3","mode":"managed","type":"aws_lambda_permission","name":"allow_s3","provider_name":"registry.terraform.io/hashicorp/aws","schema_version":0,"values":{"action":"lambda:InvokeFunction","event_source_token":null,"function_name":"ai-basis-trigger-dag","function_url_auth_type":null,"invoked_via_function_url":null,"principal":"s3.amazonaws.com","principal_org_id":null,"qualifier":null,"region":"us-east-1","source_account":null,"statement_id":"AllowExecutionFromS3"},"sensitive_values":{},"identity_schema_version":0,"identity":{"account_id":null,"function_name":null,"qualifier":null,"region":null,"statement_id":null}},{"address":"aws_mwaa_environment.mwaa","mode":"managed","type":"aws_mwaa_environment","name":"mwaa","provider_name":"registry.terraform.io/hashicorp/aws","schema_version":0,"values":{"airflow_configuration_options":null,"airflow_version":"2.9.3","dag_s3_path":"dags/hello-world-dag.py","environment_class":"mw1.small","kms_key":null,"name":"ai-basis-mwaa","network_configuration":[{"security_group_ids":["sg-afde0391e36b3fa77"],"subnet_ids":["subnet-298ab69735450c380","subnet-29ba50d24b8b23958","subnet-488a38e2c2c6823ff","subnet-4c759055e560962fb","subnet-5bd01985ee55fb8aa","subnet-60d2ad888fae30d17"]}],"plugins_s3_path":null,"region":"us-east-1","requirements_s3_path":null,"startup_script_s3_path":null,"tags":{"Name":"ai-basis-mwaa"},"tags_all":{"Name":"ai-basis-mwaa"},"timeouts":null,"webserver_access_mode":"PUBLIC_ONLY"},"sensitive_values":{"airflow_configuration_options":true,"last_updated":[],"logging_configuration":[],"network_configuration":[{"security_group_ids":[false],"subnet_ids":[false,false,false,false,false,false]}],"tags":{},"tags_all":{}}},{"address":"aws_s3_bucket.input_bucket","mode":"managed","type":"aws_s3_bucket","name":"input_bucket","provider_name":"registry.terraform.io/hashicorp/aws","schema_version":0,"values":{"bucket":"ai-basis-input-us-east-1","force_destroy":true,"region":"us-east-1","tags":{"Name":"ai-basis-input"},"tags_all":{"Name":"ai-basis-input"},"timeouts":null},"sensitive_values":{"cors_rule":[],"grant":[],"lifecycle_rule":[],"logging":[],"object_lock_configuration":[],"replication_configuration":[],"server_side_encryption_configuration":[],"tags":{},"tags_all":{},"versioning":[],"website":[]},"identity_schema_version":0,"identity":{"account_id":null,"bucket":null,"region":null}},{"address":"aws_s3_bucket_notification.input_bucket_notification","mode":"managed","type":"aws_s3_bucket_notification","name":"input_bucket_notification","provider_name":"registry.terraform.io/hashicorp/aws","schema_version":0,"values":{"eventbridge":false,"lambda_function":[{"events":["s3:ObjectCreated:Put"],"filter_prefix":"input.json","filter_suffix":null}],"queue":[],"region":"us-east-1","topic":[]},"sensitive_values":{"lambda_function":[{"events":[false]}],"queue":[],"topic":[]},"identity_schema_version":0,"identity":{"account_id":null,"bucket":null,"region":null}}]}},"resource_changes":[{"address":"aws_iam_role.lambda_exec","mode":"managed","type":"aws_iam_role","name":"lambda_exec","provider_name":"registry.terraform.io/hashicorp/aws","change":{"actions":["create"],"before":null,"after":{"assume_role_policy":"{\"Statement\":[{\"Action\":\"sts:AssumeRole\",\"Effect\":\"Allow\",\"Principal\":{\"Service\":\"lambda.amazonaws.com\"}}],\"Version\":\"2012-10-17\"}","description":null,"force_detach_policies":false,"max_session_duration":3600,"name":"ai-basis-lambda-exec","path":"/","permissions_boundary":null,"tags":null},"after_unknown":{"arn":true,"create_date":true,"id":true,"inline_policy":true,"managed_policy_arns":true,"name_prefix":true,"tags_all":true,"unique_id":true},"before_sensitive":false,"after_sensitive":{"inline_policy":[],"managed_policy_arns":[],"tags_all":{}},"after_identity":{"account_id":null,"name":null}}},{"address":"aws_iam_role_policy_attachment.lambda_basic","mode":"managed","type":"aws_iam_role_policy_attachment","name":"lambda_basic","provider_name":"registry.terraform.io/hashicorp/aws","change":{"actions":["create"],"before":null,"after":{"policy_arn":"arn:aws:iam::aws:policy/service-role/AWSLambdaBasicExecutionRole","role":"ai-basis-lambda-exec"},"after_unknown":{"id":true},"before_sensitive":false,"after_sensitive":{},"after_identity":{"account_id":null,"policy_arn":null,"role":null}}},{"address":"aws_lambda_function.trigger_dag","mode":"managed","type":"aws_lambda_function","name":"trigger_dag","provider_name":"registry.terraform.io/hashicorp/aws","change":{"actions":["create"],"before":null,"after":{"capacity_provider_config":[],"code_signing_config_arn":null,"dead_letter_config":[],"description":null,"durable_config":[],"environment":[{"variables":{"LOG_LEVEL":"INFO","MWAA_ENV_NAME":"ai-basis-mwaa"}}],"file_system_config":[],"filename":"../infra/src/lambda/trigger-dag/index.py","function_name":"ai-basis-trigger-dag","handler":"index.lambda_handler","image_config":[],"image_uri":null,"kms_key_arn":null,"layers":null,"memory_size":128,"package_type":"Zip","publish":false,"publish_to":null,"region":"us-east-1","replace_security_groups_on_destroy":null,"replacement_security_group_ids":null,"reserved_concurrent_executions":-1,"runtime":"python3.9","s3_bucket":null,"s3_key":null,"s3_object_version":null,"skip_destroy":false,"snap_start":[],"source_code_hash":"q2DBDUf92gquQyKLcRMbfbh9MckibgznVIeRVEAm1dw=","source_kms_key_arn":null,"tags":null,"tenancy_config":[],"timeout":3,"timeouts":null,"vpc_config":[]},"after_unknown":{"architectures":true,"arn":true,"capacity_provider_config":[],"code_sha256":true,"dead_letter_config":[],"durable_config":[],"environment":[{"variables":{}}],"ephemeral_storage":true,"file_system_config":[],"id":true,"image_config":[],"invoke_arn":true,"last_modified":true,"logging_config":true,"qualified_arn":true,"qualified_invoke_arn":true,"response_streaming_invoke_arn":true,"role":true,"signing_job_arn":true,"signing_profile_version_arn":true,"snap_start":[],"source_code_size":true,"tags_all":true,"tenancy_config":[],"tracing_config":true,"version":true,"vpc_config":[]},"before_sensitive":false,"after_sensitive":{"architectures":[],"capacity_provider_config":[],"dead_letter_config":[],"durable_config":[],"environment":[{"variables":{}}],"ephemeral_storage":[],"file_system_config":[],"image_config":[],"logging_config":[],"snap_start":[],"tags_all":{},"tenancy_config":[],"tracing_config":[],"vpc_config":[]},"after_identity":{"account_id":null,"function_name":null,"region":null}}},{"address":"aws_lambda_permission.allow_s3","mode":"managed","type":"aws_lambda_permission","name":"allow_s3","provider_name":"registry.terraform.io/hashicorp/aws","change":{"actions":["create"],"before":null,"after":{"action":"lambda:InvokeFunction","event_source_token":null,"function_name":"ai-basis-trigger-dag","function_url_auth_type":null,"invoked_via_function_url":null,"principal":"s3.amazonaws.com","principal_org_id":null,"qualifier":null,"region":"us-east-1","source_account":null,"statement_id":"AllowExecutionFromS3"},"after_unknown":{"id":true,"source_arn":true,"statement_id_prefix":true},"before_sensitive":false,"after_sensitive":{},"after_identity":{"account_id":null,"function_name":null,"qualifier":null,"region":null,"statement_id":null}}},{"address":"aws_mwaa_environment.mwaa","mode":"managed","type":"aws_mwaa_environment","name":"mwaa","provider_name":"registry.terraform.io/hashicorp/aws","change":{"actions":["create"],"before":null,"after":{"airflow_configuration_options":null,"airflow_version":"2.9.3","dag_s3_path":"dags/hello-world-dag.py","environment_class":"mw1.small","kms_key":null,"name":"ai-basis-mwaa","network_configuration":[{"security_group_ids":["sg-afde0391e36b3fa77"],"subnet_ids":["subnet-298ab69735450c380","subnet-29ba50d24b8b23958","subnet-488a38e2c2c6823ff","subnet-4c759055e560962fb","subnet-5bd01985ee55fb8aa","subnet-60d2ad888fae30d17"]}],"plugins_s3_path":null,"region":"us-east-1","requirements_s3_path":null,"startup_script_s3_path":null,"tags":{"Name":"ai-basis-mwaa"},"tags_all":{"Name":"ai-basis-mwaa"},"timeouts":null,"webserver_access_mode":"PUBLIC_ONLY"},"after_unknown":{"arn":true,"created_at":true,"database_vpc_endpoint_service":true,"endpoint_management":true,"execution_role_arn":true,"id":true,"last_updated":true,"logging_configuration":true,"max_webservers":true,"max_workers":true,"min_webservers":true,"min_workers":true,"network_configuration":[{"security_group_ids":[false],"subnet_ids":[false,false,false,false,false,false]}],"plugins_s3_object_version":true,"requirements_s3_object_version":true,"schedulers":true,"service_role_arn":true,"source_bucket_arn":true,"startup_script_s3_object_version":true,"status":true,"tags":{},"tags_all":{},"webserver_url":true,"webserver_vpc_endpoint_service":true,"weekly_maintenance_window_start":true,"worker_replacement_strategy":true},"before_sensitive":false,"after_sensitive":{"airflow_configuration_options":true,"last_updated":[],"logging_configuration":[],"network_configuration":[{"security_group_ids":[false],"subnet_ids":[false,false,false,false,false,false]}],"tags":{},"tags_all":{}}}},{"address":"aws_s3_bucket.input_bucket","mode":"managed","type":"aws_s3_bucket","name":"input_bucket","provider_name":"registry.terraform.io/hashicorp/aws","change":{"actions":["create"],"before":null,"after":{"bucket":"ai-basis-input-us-east-1","force_destroy":true,"region":"us-east-1","tags":{"Name":"ai-basis-input"},"tags_all":{"Name":"ai-basis-input"},"timeouts":null},"after_unknown":{"acceleration_status":true,"acl":true,"arn":true,"bucket_domain_name":true,"bucket_prefix":true,"bucket_region":true,"bucket_regional_domain_name":true,"cors_rule":true,"grant":true,"hosted_zone_id":true,"id":true,"lifecycle_rule":true,"logging":true,"object_lock_configuration":true,"object_lock_enabled":true,"policy":true,"replication_configuration":true,"request_payer":true,"server_side_encryption_configuration":true,"tags":{},"tags_all":{},"versioning":true,"website":true,"website_domain":true,"website_endpoint":true},"before_sensitive":false,"after_sensitive":{"cors_rule":[],"grant":[],"lifecycle_rule":[],"logging":[],"object_lock_configuration":[],"replication_configuration":[],"server_side_encryption_configuration":[],"tags":{},"tags_all":{},"versioning":[],"website":[]},"after_identity":{"account_id":null,"bucket":null,"region":null}}},{"address":"aws_s3_bucket_notification.input_bucket_notification","mode":"managed","type":"aws_s3_bucket_notification","name":"input_bucket_notification","provider_name":"registry.terraform.io/hashicorp/aws","change":{"actions":["create"],"before":null,"after":{"eventbridge":false,"lambda_function":[{"events":["s3:ObjectCreated:Put"],"filter_prefix":"input.json","filter_suffix":null}],"queue":[],"region":"us-east-1","topic":[]},"after_unknown":{"bucket":true,"id":true,"lambda_function":[{"events":[false],"id":true,"lambda_function_arn":true}],"queue":[],"topic":[]},"before_sensitive":false,"after_sensitive":{"lambda_function":[{"events":[false]}],"queue":[],"topic":[]},"after_identity":{"account_id":null,"bucket":null,"region":null}}}],"output_changes":{"input_bucket_id":{"actions":["create"],"before":null,"after_unknown":true,"before_sensitive":false,"after_sensitive":false},"mwaa_webserver_url":{"actions":["create"],"before":null,"after_unknown":true,"before_sensitive":false,"after_sensitive":false}},"prior_state":{"format_version":"1.0","terraform_version":"1.13.5","values":{"root_module":{"resources":[{"address":"data.archive_file.lambda_dummy","mode":"data","type":"archive_file","name":"lambda_dummy","provider_name":"registry.terraform.io/hashicorp/archive","schema_version":0,"values":{"exclude_symlink_directories":null,"excludes":null,"id":"58e93fade67637870be5af38eff8d5aa66c7da49","output_base64sha256":"wmbalFzzY/wG3ivChKElOZB3+B4gptmQyIat05p+fU4=","output_base64sha512":"BQYAg1LwEY4tDmry1VoRx6StX0vjH+7LpfB5KAZLVvfJQjioPbBv1QxI6QF6P2U614fU3h9XKBCb9z5Y1ornqA==","output_file_mode":null,"output_md5":"a0dbd832a6a977d6d5b28ea5c85e30fb","output_path":"./.dummy/lambda.zip","output_sha":"58e93fade67637870be5af38eff8d5aa66c7da49","output_sha256":"c266da945cf363fc06de2bc284a125399077f81e20a6d990c886add39a7e7d4e","output_sha512":"0506008352f0118e2d0e6af2d55a11c7a4ad5f4be31feecba5f07928064b56f7c94238a83db06fd50c48e9017a3f653ad787d4de1f5728109bf73e58d68ae7a8","output_size":246,"source":[{"content":"exports.handler = async (event) =\u003e {\n  console.log(\"Dummy lambda invoked\");\n  return { statusCode: 200, body: \"dummy\" };\n};\n","filename":"index.js"}],"source_content":null,"source_content_filename":null,"source_dir":null,"source_file":null,"type":"zip"},"sensitive_values":{"source":[{}]}},{"address":"data.aws_iam_policy_document.lambda_assume_role","mode":"data","type":"aws_iam_policy_document","name":"lambda_assume_role","provider_name":"registry.terraform.io/hashicorp/aws","schema_version":0,"values":{"id":"2690255455","json":"{\n  \"Version\": \"2012-10-17\",\n  \"Statement\": [\n    {\n      \"Effect\": \"Allow\",\n      \"Action\": \"sts:AssumeRole\",\n      \"Principal\": {\n        \"Service\": \"lambda.amazonaws.com\"\n      }\n    }\n  ]\n}","minified_json":"{\"Version\":\"2012-10-17\",\"Statement\":[{\"Effect\":\"Allow\",\"Action\":\"sts:AssumeRole\",\"Principal\":{\"Service\":\"lambda.amazonaws.com\"}}]}","override_json":null,"override_policy_documents":null,"policy_id":null,"source_json":null,"source_policy_documents":null,"statement":[{"actions":["sts:AssumeRole"],"condition":[],"effect":"Allow","not_actions":[],"not_principals":[],"not_resources":[],"principals":[{"identifiers":["lambda.amazonaws.com"],"type":"Service"}],"resources":[],"sid":""}],"version":"2012-10-17"},"sensitive_values":{"statement":[{"actions":[false],"condition":[],"not_actions":[],"not_principals":[],"not_resources":[],"principals":[{"identifiers":[false]}],"resources":[]}]}},{"address":"data.aws_security_group.default","mode":"data","type":"aws_security_group","name":"default","provider_name":"registry.terraform.io/hashicorp/aws","schema_version":0,"values":{"arn":"arn:aws:ec2:us-east-1:000000000000:security-group/sg-afde0391e36b3fa77","description":"default VPC security group","filter":[{"name":"group-name","values":["default"]},{"name":"vpc-id","values":["vpc-e22fb1fb3a26cf5cc"]}],"id":"sg-afde0391e36b3fa77","name":"default","region":"us-east-1","tags":{},"timeouts":null,"vpc_id":"vpc-e22fb1fb3a26cf5cc"},"sensitive_values":{"filter":[{"values":[false]},{"values":[false]}],"tags":{}}},{"address":"data.aws_subnets.default","mode":"data","type":"aws_subnets","name":"default","provider_name":"registry.terraform.io/hashicorp/aws","schema_version":0,"values":{"filter":[{"name":"vpc-id","values":["vpc-e22fb1fb3a26cf5cc"]}],"id":"us-east-1","ids":["subnet-488a38e2c2c6823ff","subnet-5bd01985ee55fb8aa","subnet-29ba50d24b8b23958","subnet-60d2ad888fae30d17","subnet-4c759055e560962fb","subnet-298ab69735450c380"],"region":"us-east-1","tags":null,"timeouts":null},"sensitive_values":{"filter":[{"values":[false]}],"ids":[false,false,false,false,false,false]}},{"address":"data.aws_vpc.default","mode":"data","type":"aws_vpc","name":"default","provider_name":"registry.terraform.io/hashicorp/aws","schema_version":0,"values":{"arn":"arn:aws:ec2:us-east-1:000000000000:vpc/vpc-e22fb1fb3a26cf5cc","cidr_block":"172.31.0.0/16","cidr_block_associations":[{"association_id":"vpc-cidr-assoc-3889822bd7b4241e1","cidr_block":"172.31.0.0/16","state":"associated"}],"default":true,"dhcp_options_id":"default","enable_dns_hostnames":true,"enable_dns_support":true,"enable_network_address_usage_metrics":false,"filter":null,"id":"vpc-e22fb1fb3a26cf5cc","instance_tenancy":"default","ipv6_association_id":"","ipv6_cidr_block":"","main_route_table_id":"rtb-bf2cdf9e9e3ec053c","owner_id":"000000000000","region":"us-east-1","state":null,"tags":{},"timeouts":null},"sensitive_values":{"cidr_block_associations":[{}],"tags":{}}}]}}},"configuration":{"provider_config":{"archive":{"name":"archive","full_name":"registry.terraform.io/hashicorp/archive"},"aws":{"name":"aws","full_name":"registry.terraform.io/hashicorp/aws","version_constraint":"\u003e= 4.0.0","expressions":{"region":{"references":["var.aws_region"]}}}},"root_module":{"outputs":{"input_bucket_id":{"expression":{"references":["aws_s3_bucket.input_bucket.id","aws_s3_bucket.input_bucket"]},"description":"ID of the S3 bucket for input files."},"mwaa_webserver_url":{"expression":{"references":["aws_mwaa_environment.mwaa.webserver_url","aws_mwaa_environment.mwaa"]},"description":"MWAA Webserver URL."}},"resources":[{"address":"aws_iam_role.lambda_exec","mode":"managed","type":"aws_iam_role","name":"lambda_exec","provider_config_key":"aws","expressions":{"assume_role_policy":{"references":["data.aws_iam_policy_document.lambda_assume_role.json","data.aws_iam_policy_document.lambda_assume_role"]},"name":{"references":["var.app_name"]}},"schema_version":0},{"address":"aws_iam_role_policy_attachment.lambda_basic","mode":"managed","type":"aws_iam_role_policy_attachment","name":"lambda_basic","provider_config_key":"aws","expressions":{"policy_arn":{"constant_value":"arn:aws:iam::aws:policy/service-role/AWSLambdaBasicExecutionRole"},"role":{"references":["aws_iam_role.lambda_exec.name","aws_iam_role.lambda_exec"]}},"schema_version":0},{"address":"aws_lambda_function.trigger_dag","mode":"managed","type":"aws_lambda_function","name":"trigger_dag","provider_config_key":"aws","expressions":{"environment":[{"variables":{"references":["aws_mwaa_environment.mwaa.name","aws_mwaa_environment.mwaa"]}}],"filename":{"constant_value":"../infra/src/lambda/trigger-dag/index.py"},"function_name":{"references":["var.app_name"]},"handler":{"constant_value":"index.lambda_handler"},"role":{"references":["aws_iam_role.lambda_exec.arn","aws_iam_role.lambda_exec"]},"runtime":{"constant_value":"python3.9"},"source_code_hash":{}},"schema_version":0},{"address":"aws_lambda_permission.allow_s3","mode":"managed","type":"aws_lambda_permission","name":"allow_s3","provider_config_key":"aws","expressions":{"action":{"constant_value":"lambda:InvokeFunction"},"function_name":{"references":["aws_lambda_function.trigger_dag.function_name","aws_lambda_function.trigger_dag"]},"principal":{"constant_value":"s3.amazonaws.com"},"source_arn":{"references":["aws_s3_bucket.input_bucket.arn","aws_s3_bucket.input_bucket"]},"statement_id":{"constant_value":"AllowExecutionFromS3"}},"schema_version":0},{"address":"aws_mwaa_environment.mwaa","mode":"managed","type":"aws_mwaa_environment","name":"mwaa","provider_config_key":"aws","expressions":{"airflow_version":{"constant_value":"2.9.3"},"dag_s3_path":{"constant_value":"dags/hello-world-dag.py"},"environment_class":{"constant_value":"mw1.small"},"execution_role_arn":{"references":["aws_iam_role.lambda_exec.arn","aws_iam_role.lambda_exec"]},"name":{"references":["var.app_name"]},"network_configuration":[{"security_group_ids":{"references":["data.aws_security_group.default.id","data.aws_security_group.default"]},"subnet_ids":{"references":["data.aws_subnets.default.ids","data.aws_subnets.default"]}}],"source_bucket_arn":{"references":["aws_s3_bucket.input_bucket.arn","aws_s3_bucket.input_bucket"]},"tags":{"references":["var.app_name"]},"webserver_access_mode":{"constant_value":"PUBLIC_ONLY"}},"schema_version":0,"depends_on":["aws_iam_role_policy_attachment.lambda_basic"]},{"address":"aws_s3_bucket.input_bucket","mode":"managed","type":"aws_s3_bucket","name":"input_bucket","provider_config_key":"aws","expressions":{"bucket":{"references":["var.app_name","var.aws_region"]},"force_destroy":{"constant_value":true},"tags":{"references":["var.app_name"]}},"schema_version":0},{"address":"aws_s3_bucket_notification.input_bucket_notification","mode":"managed","type":"aws_s3_bucket_notification","name":"input_bucket_notification","provider_config_key":"aws","expressions":{"bucket":{"references":["aws_s3_bucket.input_bucket.id","aws_s3_bucket.input_bucket"]},"lambda_function":[{"events":{"constant_value":["s3:ObjectCreated:Put"]},"filter_prefix":{"constant_value":"input.json"},"lambda_function_arn":{"references":["aws_lambda_function.trigger_dag.arn","aws_lambda_function.trigger_dag"]}}]},"schema_version":0,"depends_on":["aws_lambda_permission.allow_s3"]},{"address":"data.archive_file.lambda_dummy","mode":"data","type":"archive_file","name":"lambda_dummy","provider_config_key":"archive","expressions":{"output_path":{"references":["local.lambda_dummy_zip"]},"source":[{"content":{"constant_value":"exports.handler = async (event) =\u003e {\n  console.log(\"Dummy lambda invoked\");\n  return { statusCode: 200, body: \"dummy\" };\n};\n"},"filename":{"constant_value":"index.js"}}],"type":{"constant_value":"zip"}},"schema_version":0},{"address":"data.aws_iam_policy_document.lambda_assume_role","mode":"data","type":"aws_iam_policy_document","name":"lambda_assume_role","provider_config_key":"aws","expressions":{"statement":[{"actions":{"constant_value":["sts:AssumeRole"]},"principals":[{"identifiers":{"constant_value":["lambda.amazonaws.com"]},"type":{"constant_value":"Service"}}]}]},"schema_version":0},{"address":"data.aws_security_group.default","mode":"data","type":"aws_security_group","name":"default","provider_config_key":"aws","expressions":{"filter":[{"name":{"constant_value":"vpc-id"},"values":{"references":["data.aws_vpc.default.id","data.aws_vpc.default"]}},{"name":{"constant_value":"group-name"},"values":{"constant_value":["default"]}}]},"schema_version":0},{"address":"data.aws_subnets.default","mode":"data","type":"aws_subnets","name":"default","provider_config_key":"aws","expressions":{"filter":[{"name":{"constant_value":"vpc-id"},"values":{"references":["data.aws_vpc.default.id","data.aws_vpc.default"]}}]},"schema_version":0},{"address":"data.aws_vpc.default","mode":"data","type":"aws_vpc","name":"default","provider_config_key":"aws","expressions":{"default":{"constant_value":true}},"schema_version":0}],"variables":{"app_name":{"default":"ai-basis","description":"Name prefix for all resources."},"aws_region":{"default":"us-east-1","description":"AWS region to deploy resources"}}}},"relevant_attributes":[{"resource":"data.aws_security_group.default","attribute":["id"]},{"resource":"data.aws_iam_policy_document.lambda_assume_role","attribute":["json"]},{"resource":"aws_lambda_function.trigger_dag","attribute":["function_name"]},{"resource":"data.aws_subnets.default","attribute":["ids"]},{"resource":"aws_iam_role.lambda_exec","attribute":["arn"]},{"resource":"aws_mwaa_environment.mwaa","attribute":["name"]},{"resource":"aws_lambda_function.trigger_dag","attribute":["arn"]},{"resource":"aws_s3_bucket.input_bucket","attribute":["id"]},{"resource":"aws_iam_role.lambda_exec","attribute":["name"]},{"resource":"aws_mwaa_environment.mwaa","attribute":["webserver_url"]},{"resource":"aws_s3_bucket.input_bucket","attribute":["arn"]}],"timestamp":"2026-01-23T16:21:01Z","applyable":true,"complete":true,"errored":false}
