{
  "version": 4,
  "terraform_version": "1.13.5",
  "serial": 11,
  "lineage": "3f18bb63-e0e5-d989-06e7-b6681d19ff2e",
  "outputs": {
    "ami_id": {
      "value": "ami-04681a1dbd79675a5",
      "type": "string"
    }
  },
  "resources": [
    {
      "mode": "data",
      "type": "aws_ami",
      "name": "amazon-linux-image",
      "provider": "provider[\"registry.terraform.io/hashicorp/aws\"]",
      "instances": [
        {
          "schema_version": 0,
          "attributes": {
            "allow_unsafe_filter": null,
            "architecture": "x86_64",
            "arn": "arn:aws:ec2:us-east-1::image/ami-04681a1dbd79675a5",
            "block_device_mappings": [
              {
                "device_name": "/dev/xvda",
                "ebs": {
                  "delete_on_termination": "false",
                  "encrypted": "false",
                  "iops": "0",
                  "snapshot_id": "snap-afb98aa9eeddbd024",
                  "throughput": "0",
                  "volume_initialization_rate": "0",
                  "volume_size": "15",
                  "volume_type": "standard"
                },
                "no_device": "",
                "virtual_name": ""
              }
            ],
            "boot_mode": "uefi",
            "creation_date": "2026-01-27T00:21:14.000Z",
            "deprecation_time": "",
            "description": "Amazon Linux 2 AMI 2.0.20180810 x86_64 HVM gp2",
            "ena_support": false,
            "executable_users": null,
            "filter": [
              {
                "name": "name",
                "values": [
                  "amzn2-ami-hvm-*-x86_64-gp2"
                ]
              },
              {
                "name": "virtualization-type",
                "values": [
                  "hvm"
                ]
              }
            ],
            "hypervisor": "xen",
            "id": "ami-04681a1dbd79675a5",
            "image_id": "ami-04681a1dbd79675a5",
            "image_location": "amazon/amzn2-ami-hvm-2.0.20180810-x86_64-gp2",
            "image_owner_alias": "amazon",
            "image_type": "machine",
            "imds_support": "",
            "include_deprecated": false,
            "kernel_id": "",
            "last_launched_time": "",
            "most_recent": true,
            "name": "amzn2-ami-hvm-2.0.20180810-x86_64-gp2",
            "name_regex": null,
            "owner_id": "137112412989",
            "owners": [
              "amazon"
            ],
            "platform": "Linux/UNIX",
            "platform_details": "",
            "product_codes": [],
            "public": true,
            "ramdisk_id": "",
            "region": "us-east-1",
            "root_device_name": "/dev/xvda",
            "root_device_type": "ebs",
            "root_snapshot_id": "snap-afb98aa9eeddbd024",
            "sriov_net_support": "",
            "state": "available",
            "state_reason": {
              "code": "UNSET",
              "message": "UNSET"
            },
            "tags": {},
            "timeouts": null,
            "tpm_support": "",
            "uefi_data": null,
            "usage_operation": "",
            "virtualization_type": "hvm"
          },
          "sensitive_attributes": [],
          "identity_schema_version": 0
        }
      ]
    },
    {
      "mode": "data",
      "type": "http",
      "name": "ifconfig",
      "provider": "provider[\"registry.terraform.io/hashicorp/http\"]",
      "instances": [
        {
          "schema_version": 0,
          "attributes": {
            "body": "193.5.234.233\n",
            "ca_cert_pem": null,
            "client_cert_pem": null,
            "client_key_pem": null,
            "id": "https://ipv4.icanhazip.com/",
            "insecure": null,
            "method": null,
            "request_body": null,
            "request_headers": null,
            "request_timeout_ms": null,
            "response_body": "193.5.234.233\n",
            "response_body_base64": "MTkzLjUuMjM0LjIzMwo=",
            "response_headers": {
              "Access-Control-Allow-Methods": "GET",
              "Access-Control-Allow-Origin": "*",
              "Alt-Svc": "h3=\":443\"; ma=86400",
              "Cf-Ray": "9c4416ecfe6cbe5e-ZRH",
              "Content-Length": "14",
              "Content-Type": "text/plain",
              "Date": "Tue, 27 Jan 2026 00:21:22 GMT",
              "Server": "cloudflare",
              "Set-Cookie": "__cf_bm=MPelXEdHzqAQ3JB2inQpzBrYZ39Il6axRBNINhWQvTU-1769473282-1.0.1.1-lw_RbImFOzxdK9ehqF1D5ZBl7RD8EEvympBP6LXTJb6HSAdkc017Y2yuhmRhSRNLuHS3Pu9nIZwwOvjo0QgsTVewC7bxUZjpliQYxpzHNdo; path=/; expires=Tue, 27-Jan-26 00:51:22 GMT; domain=.icanhazip.com; HttpOnly; Secure; SameSite=None",
              "Vary": "Accept-Encoding"
            },
            "retry": null,
            "status_code": 200,
            "url": "https://ipv4.icanhazip.com/"
          },
          "sensitive_attributes": [],
          "identity_schema_version": 0
        }
      ]
    },
    {
      "mode": "managed",
      "type": "aws_internet_gateway",
      "name": "my_net_igw",
      "provider": "provider[\"registry.terraform.io/hashicorp/aws\"]",
      "instances": [
        {
          "schema_version": 0,
          "attributes": {
            "arn": "arn:aws:ec2:us-east-1:000000000000:internet-gateway/igw-61bd766ee17d9cae9",
            "id": "igw-61bd766ee17d9cae9",
            "owner_id": "000000000000",
            "region": "us-east-1",
            "tags": {
              "Name": "my-net-igw"
            },
            "tags_all": {
              "Name": "my-net-igw"
            },
            "timeouts": null,
            "vpc_id": "vpc-7c762c7c277fd3a03"
          },
          "sensitive_attributes": [],
          "identity_schema_version": 0,
          "private": "eyJlMmJmYjczMC1lY2FhLTExZTYtOGY4OC0zNDM2M2JjN2M0YzAiOnsiY3JlYXRlIjoxMjAwMDAwMDAwMDAwLCJkZWxldGUiOjEyMDAwMDAwMDAwMDAsInVwZGF0ZSI6MTIwMDAwMDAwMDAwMH19",
          "dependencies": [
            "aws_vpc.my_net_vpc"
          ]
        }
      ]
    },
    {
      "mode": "managed",
      "type": "aws_key_pair",
      "name": "my_net_keypair",
      "provider": "provider[\"registry.terraform.io/hashicorp/aws\"]",
      "instances": [
        {
          "schema_version": 1,
          "attributes": {
            "arn": "arn:aws:ec2:us-east-1::key-pair/my-net-keypair",
            "fingerprint": "d9:72:10:8f:39:35:1e:f1:79:78:8e:a9:ad:d3:c9:53",
            "id": "my-net-keypair",
            "key_name": "my-net-keypair",
            "key_name_prefix": "",
            "key_pair_id": "key-22531c48cf1cf0c34",
            "key_type": "",
            "public_key": "ssh-rsa AAAAB3NzaC1yc2EAAAADAQABAAABAQDohA7XtRanYI4J+xkibWma2zXakVFL5dyqyvejmgP8sBu/nTWxsmlIhNf897PfDYYUdjeX7uyc4DMdqJNmm+t8gwNaAdxqj05MqUjzkHiRTyIWVfnEKNLPZLCC5eMhQ1UD/ughi9Aoh7WFxs0xucB/amHGOIfC64NfB6q/3GNiIW+hcead3Sg8G4O68+ueilwOL5MH77SA5LjkuGOPMzCHThRpXuSlavdELpTr4qEk1axPWuh9bzIR00k0BXkSgp0/SD9S2WvqDBCsfryMhTtgYI6Yyb5dyFjeyag4tG+6wLFlV5tASWNs1PqeSjlTLsz/MmtgmDS3wpfKdCXoYxWj",
            "region": "us-east-1",
            "tags": null,
            "tags_all": {}
          },
          "sensitive_attributes": [],
          "identity_schema_version": 0,
          "private": "eyJzY2hlbWFfdmVyc2lvbiI6IjEifQ==",
          "dependencies": [
            "tls_private_key.my_net_private_key"
          ]
        }
      ]
    },
    {
      "mode": "managed",
      "type": "aws_route_table",
      "name": "my_net_public_rt",
      "provider": "provider[\"registry.terraform.io/hashicorp/aws\"]",
      "instances": [
        {
          "schema_version": 0,
          "attributes": {
            "arn": "arn:aws:ec2:us-east-1:000000000000:route-table/rtb-2821c0be98612361b",
            "id": "rtb-2821c0be98612361b",
            "owner_id": "000000000000",
            "propagating_vgws": [],
            "region": "us-east-1",
            "route": [
              {
                "carrier_gateway_id": "",
                "cidr_block": "0.0.0.0/0",
                "core_network_arn": "",
                "destination_prefix_list_id": "",
                "egress_only_gateway_id": "",
                "gateway_id": "igw-61bd766ee17d9cae9",
                "ipv6_cidr_block": "",
                "local_gateway_id": "",
                "nat_gateway_id": "",
                "network_interface_id": "",
                "transit_gateway_id": "",
                "vpc_endpoint_id": "",
                "vpc_peering_connection_id": ""
              }
            ],
            "tags": {
              "Name": "my-net-public-rt"
            },
            "tags_all": {
              "Name": "my-net-public-rt"
            },
            "timeouts": null,
            "vpc_id": "vpc-7c762c7c277fd3a03"
          },
          "sensitive_attributes": [],
          "identity_schema_version": 0,
          "identity": {
            "account_id": "",
            "id": "rtb-2821c0be98612361b",
            "region": "us-east-1"
          },
          "private": "eyJlMmJmYjczMC1lY2FhLTExZTYtOGY4OC0zNDM2M2JjN2M0YzAiOnsiY3JlYXRlIjozMDAwMDAwMDAwMDAsImRlbGV0ZSI6MzAwMDAwMDAwMDAwLCJ1cGRhdGUiOjEyMDAwMDAwMDAwMH19",
          "dependencies": [
            "aws_internet_gateway.my_net_igw",
            "aws_vpc.my_net_vpc"
          ]
        }
      ]
    },
    {
      "mode": "managed",
      "type": "aws_route_table_association",
      "name": "my_net_public_rt_associate",
      "provider": "provider[\"registry.terraform.io/hashicorp/aws\"]",
      "instances": [
        {
          "schema_version": 0,
          "attributes": {
            "gateway_id": "",
            "id": "rtbassoc-a14669e2ac8086ecc",
            "region": "us-east-1",
            "route_table_id": "rtb-2821c0be98612361b",
            "subnet_id": "subnet-b4cda37317acb2782",
            "timeouts": null
          },
          "sensitive_attributes": [],
          "identity_schema_version": 0,
          "private": "eyJlMmJmYjczMC1lY2FhLTExZTYtOGY4OC0zNDM2M2JjN2M0YzAiOnsiY3JlYXRlIjozMDAwMDAwMDAwMDAsImRlbGV0ZSI6MzAwMDAwMDAwMDAwLCJ1cGRhdGUiOjEyMDAwMDAwMDAwMH19",
          "dependencies": [
            "aws_internet_gateway.my_net_igw",
            "aws_route_table.my_net_public_rt",
            "aws_subnet.my_net_public_subnet",
            "aws_vpc.my_net_vpc"
          ]
        }
      ]
    },
    {
      "mode": "managed",
      "type": "aws_security_group",
      "name": "my_net_ec2_sg",
      "provider": "provider[\"registry.terraform.io/hashicorp/aws\"]",
      "instances": [
        {
          "schema_version": 1,
          "attributes": {
            "arn": "arn:aws:ec2:us-east-1:000000000000:security-group/sg-cafcf32d09167189e",
            "description": "for nginx php-fpm server",
            "egress": [
              {
                "cidr_blocks": [
                  "0.0.0.0/0"
                ],
                "description": "",
                "from_port": 0,
                "ipv6_cidr_blocks": [],
                "prefix_list_ids": [],
                "protocol": "-1",
                "security_groups": [],
                "self": false,
                "to_port": 0
              }
            ],
            "id": "sg-cafcf32d09167189e",
            "ingress": [
              {
                "cidr_blocks": [
                  "193.5.234.233/32"
                ],
                "description": "",
                "from_port": -1,
                "ipv6_cidr_blocks": [],
                "prefix_list_ids": [],
                "protocol": "icmp",
                "security_groups": [],
                "self": false,
                "to_port": -1
              },
              {
                "cidr_blocks": [
                  "193.5.234.233/32"
                ],
                "description": "",
                "from_port": 22,
                "ipv6_cidr_blocks": [],
                "prefix_list_ids": [],
                "protocol": "tcp",
                "security_groups": [],
                "self": false,
                "to_port": 22
              },
              {
                "cidr_blocks": [
                  "193.5.234.233/32"
                ],
                "description": "",
                "from_port": 80,
                "ipv6_cidr_blocks": [],
                "prefix_list_ids": [],
                "protocol": "tcp",
                "security_groups": [],
                "self": false,
                "to_port": 80
              }
            ],
            "name": "my-net-ec2-sg",
            "name_prefix": "",
            "owner_id": "000000000000",
            "region": "us-east-1",
            "revoke_rules_on_delete": false,
            "tags": {
              "Name": "my-net-ec2-sg"
            },
            "tags_all": {
              "Name": "my-net-ec2-sg"
            },
            "timeouts": null,
            "vpc_id": "vpc-7c762c7c277fd3a03"
          },
          "sensitive_attributes": [],
          "identity_schema_version": 0,
          "identity": {
            "account_id": "",
            "id": "sg-cafcf32d09167189e",
            "region": "us-east-1"
          },
          "private": "eyJlMmJmYjczMC1lY2FhLTExZTYtOGY4OC0zNDM2M2JjN2M0YzAiOnsiY3JlYXRlIjo2MDAwMDAwMDAwMDAsImRlbGV0ZSI6OTAwMDAwMDAwMDAwfSwic2NoZW1hX3ZlcnNpb24iOiIxIn0=",
          "dependencies": [
            "aws_vpc.my_net_vpc",
            "data.http.ifconfig"
          ]
        }
      ]
    },
    {
      "mode": "managed",
      "type": "aws_subnet",
      "name": "my_net_public_subnet",
      "provider": "provider[\"registry.terraform.io/hashicorp/aws\"]",
      "instances": [
        {
          "schema_version": 1,
          "attributes": {
            "arn": "arn:aws:ec2:us-east-1:000000000000:subnet/subnet-b4cda37317acb2782",
            "assign_ipv6_address_on_creation": false,
            "availability_zone": "ap-northeast-1a",
            "availability_zone_id": "apne1-az4",
            "cidr_block": "10.0.1.0/24",
            "customer_owned_ipv4_pool": "",
            "enable_dns64": false,
            "enable_lni_at_device_index": 0,
            "enable_resource_name_dns_a_record_on_launch": false,
            "enable_resource_name_dns_aaaa_record_on_launch": false,
            "id": "subnet-b4cda37317acb2782",
            "ipv6_cidr_block": "",
            "ipv6_cidr_block_association_id": "",
            "ipv6_native": false,
            "map_customer_owned_ip_on_launch": false,
            "map_public_ip_on_launch": false,
            "outpost_arn": "",
            "owner_id": "000000000000",
            "private_dns_hostname_type_on_launch": "ip-name",
            "region": "us-east-1",
            "tags": {
              "Name": "my-net-public-subnet"
            },
            "tags_all": {
              "Name": "my-net-public-subnet"
            },
            "timeouts": null,
            "vpc_id": "vpc-7c762c7c277fd3a03"
          },
          "sensitive_attributes": [],
          "identity_schema_version": 0,
          "identity": {
            "account_id": "",
            "id": "subnet-b4cda37317acb2782",
            "region": "us-east-1"
          },
          "private": "eyJlMmJmYjczMC1lY2FhLTExZTYtOGY4OC0zNDM2M2JjN2M0YzAiOnsiY3JlYXRlIjo2MDAwMDAwMDAwMDAsImRlbGV0ZSI6MTIwMDAwMDAwMDAwMH0sInNjaGVtYV92ZXJzaW9uIjoiMSJ9",
          "dependencies": [
            "aws_vpc.my_net_vpc"
          ]
        }
      ]
    },
    {
      "mode": "managed",
      "type": "aws_vpc",
      "name": "my_net_vpc",
      "provider": "provider[\"registry.terraform.io/hashicorp/aws\"]",
      "instances": [
        {
          "schema_version": 1,
          "attributes": {
            "arn": "arn:aws:ec2:us-east-1:000000000000:vpc/vpc-7c762c7c277fd3a03",
            "assign_generated_ipv6_cidr_block": false,
            "cidr_block": "10.0.0.0/16",
            "default_network_acl_id": "acl-f9f400803536ca9af",
            "default_route_table_id": "rtb-5c13b3bcc66ae7183",
            "default_security_group_id": "sg-80bb03213f732c998",
            "dhcp_options_id": "default",
            "enable_dns_hostnames": true,
            "enable_dns_support": true,
            "enable_network_address_usage_metrics": false,
            "id": "vpc-7c762c7c277fd3a03",
            "instance_tenancy": "default",
            "ipv4_ipam_pool_id": null,
            "ipv4_netmask_length": null,
            "ipv6_association_id": "",
            "ipv6_cidr_block": "",
            "ipv6_cidr_block_network_border_group": "",
            "ipv6_ipam_pool_id": "",
            "ipv6_netmask_length": 0,
            "main_route_table_id": "rtb-5c13b3bcc66ae7183",
            "owner_id": "000000000000",
            "region": "us-east-1",
            "tags": {
              "Name": "my-net-vpc"
            },
            "tags_all": {
              "Name": "my-net-vpc"
            }
          },
          "sensitive_attributes": [],
          "identity_schema_version": 0,
          "identity": {
            "account_id": "",
            "id": "vpc-7c762c7c277fd3a03",
            "region": "us-east-1"
          },
          "private": "eyJzY2hlbWFfdmVyc2lvbiI6IjEifQ=="
        }
      ]
    },
    {
      "mode": "managed",
      "type": "local_file",
      "name": "my_net_private_key_pem",
      "provider": "provider[\"registry.terraform.io/hashicorp/local\"]",
      "instances": [
        {
          "schema_version": 0,
          "attributes": {
            "content": "-----BEGIN RSA PRIVATE KEY-----\nMIIEpAIBAAKCAQEA6IQO17UWp2COCfsZIm1pmts12pFRS+Xcqsr3o5oD/LAbv501\nsbJpSITX/Pez3w2GFHY3l+7snOAzHaiTZpvrfIMDWgHcao9OTKlI85B4kU8iFlX5\nxCjSz2SwguXjIUNVA/7oIYvQKIe1hcbNMbnAf2phxjiHwuuDXweqv9xjYiFvoXHm\nnd0oPBuDuvPrnopcDi+TB++0gOS45LhjjzMwh04UaV7kpWr3RC6U6+KhJNWsT1ro\nfW8yEdNJNAV5EoKdP0g/Utlr6gwQrH68jIU7YGCOmMm+XchY3smoOLRvusCxZVeb\nQEljbNT6nko5Uy7M/zJrYJg0t8KXynQl6GMVowIDAQABAoIBAFK0Pk9Ns1wfxQYZ\n0YvkXQ7e8B3pWIBlp4L8pO8FZmun/IbAlYu6SSapUeZB+THarplynz2kl3cJbEUd\nZCi4Rx/HvhZy2QLyLEiqYi94cNpGynolZKz4VFu+leZJfOuk9oVwUwMzpvvzoYaO\n+we36ZeosFSAYRHdEaJoqLyL2LHbQy6d+W9mqrzF4QlAX7PjwZV/CoCZhKKJNNba\nKStOaXqJSAeSKn0d0j8Do/MBcfpKXAVO1zwd8F58X08epHslcN7kRHIeJtDALxqS\n2Ky9nbTu8/8JZlG91A30oWa9XRsvSNKxBNu1dnUOVPcb0Wg+VabFv86OQacToDJM\nkr1RdHECgYEA+S8Vu3ZMhCKa+m8MoQid1vbIZDhQk+pF3ka8Zv7E7KuiHGfv4K2E\nJi+RV8B4NC8yxAXrYg1jGRdtihk2+TvXoZy7VB0Xtn6b7mOzzQdljfCW0XyDkW+X\n7R/tiuVwjj2yWkVpeKczK6NYCq+X7apFIHPWKGa6LjyW18cb6jFrMCkCgYEA7uBB\nLKTbWYFlPMA93MvZ5nn7J02mbX6J84M12aXAUxGS4TsNwj/UdkAuSe86+QxMpAx5\n9ofjG43gczEwOJcM5dI4t2/YNh48KHKoCxQHTbvoWJ1lOoCnVeejpDksterIhF7e\nlCSsuTyJguYcaIqpDrMkwKZnYpgPsv1DYM1K4OsCgYEA0+4a4qxTmZJBEzv9lrxY\nWirb9nj690KqF8k7lbGbVNsI7nXry8BoA34zdFnLIj7+Qz/xmRxfq0iEro6RddpS\npC5EGN8BewIlptP/aSKgWd9EtnjbAYfSxCeChb5sQ13v4dzlPmueFsA/Mh9z7PwC\n/P3oJ8ZvFMINXQoIEN/lFTkCgYEAw+cQLD/LUH1I/Gigk1pvCpBRRCtvaO7Uzet2\nl1dTAg0wixx2LS9R2+TI0YOrtqG6nPNKdr98ppVVVMMrS829GyGrt+y2wbNMHNPj\nMqqrTrnjVAFJCpCGK3J8BuuI2myBI+X13kKxkHywPbTf6XCGMvMCGiieMwKIJX+E\n6XeTiB8CgYAQmY6PGQR6PK3d4gkxkL1j7ZYiOTnPk4TIcKO3DYOPWyZowmgDybR6\neVzVTBNSYAHBCBtdrTOt/syNrnoJPKuUdjeEDknddunbEIqeLTgWBbMrsj27fVwA\nWSNIcS54wJ052ceNbgu7w/LemiS3ODwC7WX182T8EyDF1v266kj+KA==\n-----END RSA PRIVATE KEY-----\n",
            "content_base64": null,
            "content_base64sha256": "5DBRBw9AJrURLAm4WPqq52YaUNAni5yUqqLL2nx5uoY=",
            "content_base64sha512": "/K8yq5fOdz3tKPNe5v6PHrtfqSUWxTQAlCYE2e8tYitXUoV7AI1KLDH3cGsRHpjJmsoQaPydiyghTdMlITiGew==",
            "content_md5": "d17821f2c9cf8335dcfa827363dce154",
            "content_sha1": "7517f08ba7e82ae11344552fd302b2a73c1d750f",
            "content_sha256": "e43051070f4026b5112c09b858faaae7661a50d0278b9c94aaa2cbda7c79ba86",
            "content_sha512": "fcaf32ab97ce773ded28f35ee6fe8f1ebb5fa92516c53400942604d9ef2d622b5752857b008d4a2c31f7706b111e98c99aca1068fc9d8b28214dd3252138867b",
            "directory_permission": "0777",
            "file_permission": "0777",
            "filename": "./.security/my-net-keypair.id_rsa",
            "id": "7517f08ba7e82ae11344552fd302b2a73c1d750f",
            "sensitive_content": null,
            "source": null
          },
          "sensitive_attributes": [
            [
              {
                "type": "get_attr",
                "value": "content"
              }
            ],
            [
              {
                "type": "get_attr",
                "value": "sensitive_content"
              }
            ]
          ],
          "identity_schema_version": 0,
          "dependencies": [
            "tls_private_key.my_net_private_key"
          ]
        }
      ]
    },
    {
      "mode": "managed",
      "type": "tls_private_key",
      "name": "my_net_private_key",
      "provider": "provider[\"registry.terraform.io/hashicorp/tls\"]",
      "instances": [
        {
          "schema_version": 1,
          "attributes": {
            "algorithm": "RSA",
            "ecdsa_curve": "P224",
            "id": "d8cb709edf3dc7102c1a83185925b5f7267041bd",
            "private_key_openssh": "-----BEGIN OPENSSH PRIVATE KEY-----\nb3BlbnNzaC1rZXktdjEAAAAABG5vbmUAAAAEbm9uZQAAAAAAAAABAAABFwAAAAdz\nc2gtcnNhAAAAAwEAAQAAAQEA6IQO17UWp2COCfsZIm1pmts12pFRS+Xcqsr3o5oD\n/LAbv501sbJpSITX/Pez3w2GFHY3l+7snOAzHaiTZpvrfIMDWgHcao9OTKlI85B4\nkU8iFlX5xCjSz2SwguXjIUNVA/7oIYvQKIe1hcbNMbnAf2phxjiHwuuDXweqv9xj\nYiFvoXHmnd0oPBuDuvPrnopcDi+TB++0gOS45LhjjzMwh04UaV7kpWr3RC6U6+Kh\nJNWsT1rofW8yEdNJNAV5EoKdP0g/Utlr6gwQrH68jIU7YGCOmMm+XchY3smoOLRv\nusCxZVebQEljbNT6nko5Uy7M/zJrYJg0t8KXynQl6GMVowAAA7gsmJS7LJiUuwAA\nAAdzc2gtcnNhAAABAQDohA7XtRanYI4J+xkibWma2zXakVFL5dyqyvejmgP8sBu/\nnTWxsmlIhNf897PfDYYUdjeX7uyc4DMdqJNmm+t8gwNaAdxqj05MqUjzkHiRTyIW\nVfnEKNLPZLCC5eMhQ1UD/ughi9Aoh7WFxs0xucB/amHGOIfC64NfB6q/3GNiIW+h\ncead3Sg8G4O68+ueilwOL5MH77SA5LjkuGOPMzCHThRpXuSlavdELpTr4qEk1axP\nWuh9bzIR00k0BXkSgp0/SD9S2WvqDBCsfryMhTtgYI6Yyb5dyFjeyag4tG+6wLFl\nV5tASWNs1PqeSjlTLsz/MmtgmDS3wpfKdCXoYxWjAAAAAwEAAQAAAQBStD5PTbNc\nH8UGGdGL5F0O3vAd6ViAZaeC/KTvBWZrp/yGwJWLukkmqVHmQfkx2q6Zcp89pJd3\nCWxFHWQouEcfx74WctkC8ixIqmIveHDaRsp6JWSs+FRbvpXmSXzrpPaFcFMDM6b7\n86GGjvsHt+mXqLBUgGER3RGiaKi8i9ix20MunflvZqq8xeEJQF+z48GVfwqAmYSi\niTTW2ikrTml6iUgHkip9HdI/A6PzAXH6SlwFTtc8HfBefF9PHqR7JXDe5ERyHibQ\nwC8aktisvZ207vP/CWZRvdQN9KFmvV0bL0jSsQTbtXZ1DlT3G9FoPlWmxb/OjkGn\nE6AyTJK9UXRxAAAAgBCZjo8ZBHo8rd3iCTGQvWPtliI5Oc+ThMhwo7cNg49bJmjC\naAPJtHp5XNVME1JgAcEIG12tM63+zI2uegk8q5R2N4QOSd126dsQip4tOBYFsyuy\nPbt9XABZI0hxLnjAnTnZx41uC7vD8t6aJLc4PALtZfXzZPwTIMXW/brqSP4oAAAA\ngQD5LxW7dkyEIpr6bwyhCJ3W9shkOFCT6kXeRrxm/sTsq6IcZ+/grYQmL5FXwHg0\nLzLEBetiDWMZF22KGTb5O9ehnLtUHRe2fpvuY7PNB2WN8JbRfIORb5ftH+2K5XCO\nPbJaRWl4pzMro1gKr5ftqkUgc9YoZrouPJbXxxvqMWswKQAAAIEA7uBBLKTbWYFl\nPMA93MvZ5nn7J02mbX6J84M12aXAUxGS4TsNwj/UdkAuSe86+QxMpAx59ofjG43g\nczEwOJcM5dI4t2/YNh48KHKoCxQHTbvoWJ1lOoCnVeejpDksterIhF7elCSsuTyJ\nguYcaIqpDrMkwKZnYpgPsv1DYM1K4OsAAAAAAQID\n-----END OPENSSH PRIVATE KEY-----\n",
            "private_key_pem": "-----BEGIN RSA PRIVATE KEY-----\nMIIEpAIBAAKCAQEA6IQO17UWp2COCfsZIm1pmts12pFRS+Xcqsr3o5oD/LAbv501\nsbJpSITX/Pez3w2GFHY3l+7snOAzHaiTZpvrfIMDWgHcao9OTKlI85B4kU8iFlX5\nxCjSz2SwguXjIUNVA/7oIYvQKIe1hcbNMbnAf2phxjiHwuuDXweqv9xjYiFvoXHm\nnd0oPBuDuvPrnopcDi+TB++0gOS45LhjjzMwh04UaV7kpWr3RC6U6+KhJNWsT1ro\nfW8yEdNJNAV5EoKdP0g/Utlr6gwQrH68jIU7YGCOmMm+XchY3smoOLRvusCxZVeb\nQEljbNT6nko5Uy7M/zJrYJg0t8KXynQl6GMVowIDAQABAoIBAFK0Pk9Ns1wfxQYZ\n0YvkXQ7e8B3pWIBlp4L8pO8FZmun/IbAlYu6SSapUeZB+THarplynz2kl3cJbEUd\nZCi4Rx/HvhZy2QLyLEiqYi94cNpGynolZKz4VFu+leZJfOuk9oVwUwMzpvvzoYaO\n+we36ZeosFSAYRHdEaJoqLyL2LHbQy6d+W9mqrzF4QlAX7PjwZV/CoCZhKKJNNba\nKStOaXqJSAeSKn0d0j8Do/MBcfpKXAVO1zwd8F58X08epHslcN7kRHIeJtDALxqS\n2Ky9nbTu8/8JZlG91A30oWa9XRsvSNKxBNu1dnUOVPcb0Wg+VabFv86OQacToDJM\nkr1RdHECgYEA+S8Vu3ZMhCKa+m8MoQid1vbIZDhQk+pF3ka8Zv7E7KuiHGfv4K2E\nJi+RV8B4NC8yxAXrYg1jGRdtihk2+TvXoZy7VB0Xtn6b7mOzzQdljfCW0XyDkW+X\n7R/tiuVwjj2yWkVpeKczK6NYCq+X7apFIHPWKGa6LjyW18cb6jFrMCkCgYEA7uBB\nLKTbWYFlPMA93MvZ5nn7J02mbX6J84M12aXAUxGS4TsNwj/UdkAuSe86+QxMpAx5\n9ofjG43gczEwOJcM5dI4t2/YNh48KHKoCxQHTbvoWJ1lOoCnVeejpDksterIhF7e\nlCSsuTyJguYcaIqpDrMkwKZnYpgPsv1DYM1K4OsCgYEA0+4a4qxTmZJBEzv9lrxY\nWirb9nj690KqF8k7lbGbVNsI7nXry8BoA34zdFnLIj7+Qz/xmRxfq0iEro6RddpS\npC5EGN8BewIlptP/aSKgWd9EtnjbAYfSxCeChb5sQ13v4dzlPmueFsA/Mh9z7PwC\n/P3oJ8ZvFMINXQoIEN/lFTkCgYEAw+cQLD/LUH1I/Gigk1pvCpBRRCtvaO7Uzet2\nl1dTAg0wixx2LS9R2+TI0YOrtqG6nPNKdr98ppVVVMMrS829GyGrt+y2wbNMHNPj\nMqqrTrnjVAFJCpCGK3J8BuuI2myBI+X13kKxkHywPbTf6XCGMvMCGiieMwKIJX+E\n6XeTiB8CgYAQmY6PGQR6PK3d4gkxkL1j7ZYiOTnPk4TIcKO3DYOPWyZowmgDybR6\neVzVTBNSYAHBCBtdrTOt/syNrnoJPKuUdjeEDknddunbEIqeLTgWBbMrsj27fVwA\nWSNIcS54wJ052ceNbgu7w/LemiS3ODwC7WX182T8EyDF1v266kj+KA==\n-----END RSA PRIVATE KEY-----\n",
            "private_key_pem_pkcs8": "-----BEGIN PRIVATE KEY-----\nMIIEvgIBADANBgkqhkiG9w0BAQEFAASCBKgwggSkAgEAAoIBAQDohA7XtRanYI4J\n+xkibWma2zXakVFL5dyqyvejmgP8sBu/nTWxsmlIhNf897PfDYYUdjeX7uyc4DMd\nqJNmm+t8gwNaAdxqj05MqUjzkHiRTyIWVfnEKNLPZLCC5eMhQ1UD/ughi9Aoh7WF\nxs0xucB/amHGOIfC64NfB6q/3GNiIW+hcead3Sg8G4O68+ueilwOL5MH77SA5Ljk\nuGOPMzCHThRpXuSlavdELpTr4qEk1axPWuh9bzIR00k0BXkSgp0/SD9S2WvqDBCs\nfryMhTtgYI6Yyb5dyFjeyag4tG+6wLFlV5tASWNs1PqeSjlTLsz/MmtgmDS3wpfK\ndCXoYxWjAgMBAAECggEAUrQ+T02zXB/FBhnRi+RdDt7wHelYgGWngvyk7wVma6f8\nhsCVi7pJJqlR5kH5MdqumXKfPaSXdwlsRR1kKLhHH8e+FnLZAvIsSKpiL3hw2kbK\neiVkrPhUW76V5kl866T2hXBTAzOm+/Ohho77B7fpl6iwVIBhEd0RomiovIvYsdtD\nLp35b2aqvMXhCUBfs+PBlX8KgJmEook01topK05peolIB5IqfR3SPwOj8wFx+kpc\nBU7XPB3wXnxfTx6keyVw3uREch4m0MAvGpLYrL2dtO7z/wlmUb3UDfShZr1dGy9I\n0rEE27V2dQ5U9xvRaD5VpsW/zo5BpxOgMkySvVF0cQKBgQD5LxW7dkyEIpr6bwyh\nCJ3W9shkOFCT6kXeRrxm/sTsq6IcZ+/grYQmL5FXwHg0LzLEBetiDWMZF22KGTb5\nO9ehnLtUHRe2fpvuY7PNB2WN8JbRfIORb5ftH+2K5XCOPbJaRWl4pzMro1gKr5ft\nqkUgc9YoZrouPJbXxxvqMWswKQKBgQDu4EEspNtZgWU8wD3cy9nmefsnTaZtfonz\ngzXZpcBTEZLhOw3CP9R2QC5J7zr5DEykDHn2h+MbjeBzMTA4lwzl0ji3b9g2Hjwo\ncqgLFAdNu+hYnWU6gKdV56OkOSy16siEXt6UJKy5PImC5hxoiqkOsyTApmdimA+y\n/UNgzUrg6wKBgQDT7hrirFOZkkETO/2WvFhaKtv2ePr3QqoXyTuVsZtU2wjudevL\nwGgDfjN0WcsiPv5DP/GZHF+rSISujpF12lKkLkQY3wF7AiWm0/9pIqBZ30S2eNsB\nh9LEJ4KFvmxDXe/h3OU+a54WwD8yH3Ps/AL8/egnxm8Uwg1dCggQ3+UVOQKBgQDD\n5xAsP8tQfUj8aKCTWm8KkFFEK29o7tTN63aXV1MCDTCLHHYtL1Hb5MjRg6u2obqc\n80p2v3ymlVVUwytLzb0bIau37LbBs0wc0+MyqqtOueNUAUkKkIYrcnwG64jabIEj\n5fXeQrGQfLA9tN/pcIYy8wIaKJ4zAoglf4Tpd5OIHwKBgBCZjo8ZBHo8rd3iCTGQ\nvWPtliI5Oc+ThMhwo7cNg49bJmjCaAPJtHp5XNVME1JgAcEIG12tM63+zI2uegk8\nq5R2N4QOSd126dsQip4tOBYFsyuyPbt9XABZI0hxLnjAnTnZx41uC7vD8t6aJLc4\nPALtZfXzZPwTIMXW/brqSP4o\n-----END PRIVATE KEY-----\n",
            "public_key_fingerprint_md5": "3b:d2:ad:da:01:26:08:b6:e7:5d:cb:11:83:d8:19:2e",
            "public_key_fingerprint_sha256": "SHA256:/z7AP3Woz6Ir2ybQq3EXJXnMKAc9j1pcYrGH0lE121Y",
            "public_key_openssh": "ssh-rsa AAAAB3NzaC1yc2EAAAADAQABAAABAQDohA7XtRanYI4J+xkibWma2zXakVFL5dyqyvejmgP8sBu/nTWxsmlIhNf897PfDYYUdjeX7uyc4DMdqJNmm+t8gwNaAdxqj05MqUjzkHiRTyIWVfnEKNLPZLCC5eMhQ1UD/ughi9Aoh7WFxs0xucB/amHGOIfC64NfB6q/3GNiIW+hcead3Sg8G4O68+ueilwOL5MH77SA5LjkuGOPMzCHThRpXuSlavdELpTr4qEk1axPWuh9bzIR00k0BXkSgp0/SD9S2WvqDBCsfryMhTtgYI6Yyb5dyFjeyag4tG+6wLFlV5tASWNs1PqeSjlTLsz/MmtgmDS3wpfKdCXoYxWj\n",
            "public_key_pem": "-----BEGIN PUBLIC KEY-----\nMIIBIjANBgkqhkiG9w0BAQEFAAOCAQ8AMIIBCgKCAQEA6IQO17UWp2COCfsZIm1p\nmts12pFRS+Xcqsr3o5oD/LAbv501sbJpSITX/Pez3w2GFHY3l+7snOAzHaiTZpvr\nfIMDWgHcao9OTKlI85B4kU8iFlX5xCjSz2SwguXjIUNVA/7oIYvQKIe1hcbNMbnA\nf2phxjiHwuuDXweqv9xjYiFvoXHmnd0oPBuDuvPrnopcDi+TB++0gOS45LhjjzMw\nh04UaV7kpWr3RC6U6+KhJNWsT1rofW8yEdNJNAV5EoKdP0g/Utlr6gwQrH68jIU7\nYGCOmMm+XchY3smoOLRvusCxZVebQEljbNT6nko5Uy7M/zJrYJg0t8KXynQl6GMV\nowIDAQAB\n-----END PUBLIC KEY-----\n",
            "rsa_bits": 2048
          },
          "sensitive_attributes": [
            [
              {
                "type": "get_attr",
                "value": "private_key_openssh"
              }
            ],
            [
              {
                "type": "get_attr",
                "value": "private_key_pem"
              }
            ],
            [
              {
                "type": "get_attr",
                "value": "private_key_pem_pkcs8"
              }
            ]
          ],
          "identity_schema_version": 0
        }
      ]
    }
  ],
  "check_results": null
}
