
Terraform used the selected providers to generate the following execution
plan. Resource actions are indicated with the following symbols:
  + create

Terraform will perform the following actions:

  # aws_ecr_repository.my_repository will be created
  + resource "aws_ecr_repository" "my_repository" {
      + arn                  = (known after apply)
      + id                   = (known after apply)
      + image_tag_mutability = "MUTABLE"
      + name                 = "my-repo"
      + region               = "us-west-2"
      + registry_id          = (known after apply)
      + repository_url       = (known after apply)
      + tags_all             = (known after apply)
    }

  # aws_instance.app_server will be created
  + resource "aws_instance" "app_server" {
      + ami                                  = "ami-0c55b159cbfafe1f0"
      + arn                                  = (known after apply)
      + associate_public_ip_address          = (known after apply)
      + availability_zone                    = (known after apply)
      + disable_api_stop                     = (known after apply)
      + disable_api_termination              = (known after apply)
      + ebs_optimized                        = (known after apply)
      + enable_primary_ipv6                  = (known after apply)
      + force_destroy                        = false
      + get_password_data                    = false
      + host_id                              = (known after apply)
      + host_resource_group_arn              = (known after apply)
      + iam_instance_profile                 = (known after apply)
      + id                                   = (known after apply)
      + instance_initiated_shutdown_behavior = (known after apply)
      + instance_lifecycle                   = (known after apply)
      + instance_state                       = (known after apply)
      + instance_type                        = "t2.micro"
      + ipv6_address_count                   = (known after apply)
      + ipv6_addresses                       = (known after apply)
      + key_name                             = (known after apply)
      + monitoring                           = (known after apply)
      + outpost_arn                          = (known after apply)
      + password_data                        = (known after apply)
      + placement_group                      = (known after apply)
      + placement_group_id                   = (known after apply)
      + placement_partition_number           = (known after apply)
      + primary_network_interface_id         = (known after apply)
      + private_dns                          = (known after apply)
      + private_ip                           = (known after apply)
      + public_dns                           = (known after apply)
      + public_ip                            = (known after apply)
      + region                               = "us-west-2"
      + secondary_private_ips                = (known after apply)
      + security_groups                      = (known after apply)
      + source_dest_check                    = true
      + spot_instance_request_id             = (known after apply)
      + subnet_id                            = (known after apply)
      + tags                                 = {
          + "Name" = "AppServer"
        }
      + tags_all                             = {
          + "Name" = "AppServer"
        }
      + tenancy                              = (known after apply)
      + user_data_base64                     = (known after apply)
      + user_data_replace_on_change          = false
      + vpc_security_group_ids               = (known after apply)

      + capacity_reservation_specification (known after apply)

      + cpu_options (known after apply)

      + ebs_block_device (known after apply)

      + enclave_options (known after apply)

      + ephemeral_block_device (known after apply)

      + instance_market_options (known after apply)

      + maintenance_options (known after apply)

      + metadata_options (known after apply)

      + network_interface (known after apply)

      + primary_network_interface (known after apply)

      + private_dns_name_options (known after apply)

      + root_block_device (known after apply)
    }

  # aws_instance.openvpn_server will be created
  + resource "aws_instance" "openvpn_server" {
      + ami                                  = "ami-0c55b159cbfafe1f0"
      + arn                                  = (known after apply)
      + associate_public_ip_address          = (known after apply)
      + availability_zone                    = (known after apply)
      + disable_api_stop                     = (known after apply)
      + disable_api_termination              = (known after apply)
      + ebs_optimized                        = (known after apply)
      + enable_primary_ipv6                  = (known after apply)
      + force_destroy                        = false
      + get_password_data                    = false
      + host_id                              = (known after apply)
      + host_resource_group_arn              = (known after apply)
      + iam_instance_profile                 = (known after apply)
      + id                                   = (known after apply)
      + instance_initiated_shutdown_behavior = (known after apply)
      + instance_lifecycle                   = (known after apply)
      + instance_state                       = (known after apply)
      + instance_type                        = "t2.micro"
      + ipv6_address_count                   = (known after apply)
      + ipv6_addresses                       = (known after apply)
      + key_name                             = (known after apply)
      + monitoring                           = (known after apply)
      + outpost_arn                          = (known after apply)
      + password_data                        = (known after apply)
      + placement_group                      = (known after apply)
      + placement_group_id                   = (known after apply)
      + placement_partition_number           = (known after apply)
      + primary_network_interface_id         = (known after apply)
      + private_dns                          = (known after apply)
      + private_ip                           = (known after apply)
      + public_dns                           = (known after apply)
      + public_ip                            = (known after apply)
      + region                               = "us-west-2"
      + secondary_private_ips                = (known after apply)
      + security_groups                      = (known after apply)
      + source_dest_check                    = true
      + spot_instance_request_id             = (known after apply)
      + subnet_id                            = (known after apply)
      + tags                                 = {
          + "Name" = "OpenVPNServer"
        }
      + tags_all                             = {
          + "Name" = "OpenVPNServer"
        }
      + tenancy                              = (known after apply)
      + user_data_base64                     = (known after apply)
      + user_data_replace_on_change          = false
      + vpc_security_group_ids               = (known after apply)

      + capacity_reservation_specification (known after apply)

      + cpu_options (known after apply)

      + ebs_block_device (known after apply)

      + enclave_options (known after apply)

      + ephemeral_block_device (known after apply)

      + instance_market_options (known after apply)

      + maintenance_options (known after apply)

      + metadata_options (known after apply)

      + network_interface (known after apply)

      + primary_network_interface (known after apply)

      + private_dns_name_options (known after apply)

      + root_block_device (known after apply)
    }

  # aws_kms_key.my_key will be created
  + resource "aws_kms_key" "my_key" {
      + arn                                = (known after apply)
      + bypass_policy_lockout_safety_check = false
      + customer_master_key_spec           = "SYMMETRIC_DEFAULT"
      + deletion_window_in_days            = 10
      + description                        = "KMS key for encrypting data"
      + enable_key_rotation                = false
      + id                                 = (known after apply)
      + is_enabled                         = true
      + key_id                             = (known after apply)
      + key_usage                          = "ENCRYPT_DECRYPT"
      + multi_region                       = (known after apply)
      + policy                             = (known after apply)
      + region                             = "us-west-2"
      + rotation_period_in_days            = (known after apply)
      + tags_all                           = (known after apply)
    }

  # aws_network_interface_sg_attachment.app_sg_attachment will be created
  + resource "aws_network_interface_sg_attachment" "app_sg_attachment" {
      + id                   = (known after apply)
      + network_interface_id = (known after apply)
      + region               = "us-west-2"
      + security_group_id    = (known after apply)
    }

  # aws_network_interface_sg_attachment.sg_attachment will be created
  + resource "aws_network_interface_sg_attachment" "sg_attachment" {
      + id                   = (known after apply)
      + network_interface_id = (known after apply)
      + region               = "us-west-2"
      + security_group_id    = (known after apply)
    }

  # aws_s3_bucket.nfs_bucket will be created
  + resource "aws_s3_bucket" "nfs_bucket" {
      + acceleration_status         = (known after apply)
      + acl                         = (known after apply)
      + arn                         = (known after apply)
      + bucket                      = "my-nfs-bucket"
      + bucket_domain_name          = (known after apply)
      + bucket_prefix               = (known after apply)
      + bucket_region               = (known after apply)
      + bucket_regional_domain_name = (known after apply)
      + force_destroy               = false
      + hosted_zone_id              = (known after apply)
      + id                          = (known after apply)
      + object_lock_enabled         = (known after apply)
      + policy                      = (known after apply)
      + region                      = "us-west-2"
      + request_payer               = (known after apply)
      + tags_all                    = (known after apply)
      + website_domain              = (known after apply)
      + website_endpoint            = (known after apply)

      + cors_rule (known after apply)

      + grant (known after apply)

      + lifecycle_rule (known after apply)

      + logging (known after apply)

      + object_lock_configuration (known after apply)

      + replication_configuration (known after apply)

      + server_side_encryption_configuration (known after apply)

      + versioning (known after apply)

      + website (known after apply)
    }

  # aws_s3_bucket_acl.nfs_bucket_acl will be created
  + resource "aws_s3_bucket_acl" "nfs_bucket_acl" {
      + acl    = "private"
      + bucket = "my-nfs-bucket"
      + id     = (known after apply)
      + region = "us-west-2"

      + access_control_policy (known after apply)
    }

  # aws_security_group.app_sg will be created
  + resource "aws_security_group" "app_sg" {
      + arn                    = (known after apply)
      + description            = "Allow all inbound traffic for OpenVPN and App Server"
      + egress                 = [
          + {
              + cidr_blocks      = [
                  + "0.0.0.0/0",
                ]
              + from_port        = 0
              + ipv6_cidr_blocks = []
              + prefix_list_ids  = []
              + protocol         = "-1"
              + security_groups  = []
              + self             = false
              + to_port          = 0
                # (1 unchanged attribute hidden)
            },
        ]
      + id                     = (known after apply)
      + ingress                = [
          + {
              + cidr_blocks      = [
                  + "0.0.0.0/0",
                ]
              + from_port        = 0
              + ipv6_cidr_blocks = []
              + prefix_list_ids  = []
              + protocol         = "tcp"
              + security_groups  = []
              + self             = false
              + to_port          = 65535
                # (1 unchanged attribute hidden)
            },
        ]
      + name                   = "app-security-group"
      + name_prefix            = (known after apply)
      + owner_id               = (known after apply)
      + region                 = "us-west-2"
      + revoke_rules_on_delete = false
      + tags_all               = (known after apply)
      + vpc_id                 = (known after apply)
    }

  # aws_subnet.main will be created
  + resource "aws_subnet" "main" {
      + arn                                            = (known after apply)
      + assign_ipv6_address_on_creation                = false
      + availability_zone                              = "us-west-2a"
      + availability_zone_id                           = (known after apply)
      + cidr_block                                     = "10.0.1.0/24"
      + enable_dns64                                   = false
      + enable_resource_name_dns_a_record_on_launch    = false
      + enable_resource_name_dns_aaaa_record_on_launch = false
      + id                                             = (known after apply)
      + ipv6_cidr_block_association_id                 = (known after apply)
      + ipv6_native                                    = false
      + map_public_ip_on_launch                        = false
      + owner_id                                       = (known after apply)
      + private_dns_hostname_type_on_launch            = (known after apply)
      + region                                         = "us-west-2"
      + tags                                           = {
          + "Name" = "main-subnet"
        }
      + tags_all                                       = {
          + "Name" = "main-subnet"
        }
      + vpc_id                                         = (known after apply)
    }

  # aws_vpc.main will be created
  + resource "aws_vpc" "main" {
      + arn                                  = (known after apply)
      + cidr_block                           = "10.0.0.0/16"
      + default_network_acl_id               = (known after apply)
      + default_route_table_id               = (known after apply)
      + default_security_group_id            = (known after apply)
      + dhcp_options_id                      = (known after apply)
      + enable_dns_hostnames                 = (known after apply)
      + enable_dns_support                   = true
      + enable_network_address_usage_metrics = (known after apply)
      + id                                   = (known after apply)
      + instance_tenancy                     = "default"
      + ipv6_association_id                  = (known after apply)
      + ipv6_cidr_block                      = (known after apply)
      + ipv6_cidr_block_network_border_group = (known after apply)
      + main_route_table_id                  = (known after apply)
      + owner_id                             = (known after apply)
      + region                               = "us-west-2"
      + tags                                 = {
          + "Name" = "main-vpc"
        }
      + tags_all                             = {
          + "Name" = "main-vpc"
        }
    }

Plan: 11 to add, 0 to change, 0 to destroy.
aws_kms_key.my_key: Creating...
aws_vpc.main: Creating...
aws_ecr_repository.my_repository: Creating...
aws_s3_bucket.nfs_bucket: Creating...
aws_kms_key.my_key: Creation complete after 0s [id=fcf9d4d1-f491-4edf-9822-cd7250242efa]
aws_vpc.main: Creation complete after 0s [id=vpc-ad3c08c1db1a3bf5c]
aws_subnet.main: Creating...
aws_security_group.app_sg: Creating...
aws_subnet.main: Creation complete after 0s [id=subnet-56c7cd879f89a2847]
aws_instance.openvpn_server: Creating...
aws_instance.app_server: Creating...
aws_security_group.app_sg: Creation complete after 1s [id=sg-27ea62cc8895d277f]
aws_ecr_repository.my_repository: Creation complete after 1s [id=my-repo]
aws_s3_bucket.nfs_bucket: Still creating... [00m10s elapsed]
aws_s3_bucket.nfs_bucket: Still creating... [00m20s elapsed]
aws_s3_bucket.nfs_bucket: Still creating... [00m30s elapsed]
aws_s3_bucket.nfs_bucket: Still creating... [00m40s elapsed]
aws_s3_bucket.nfs_bucket: Still creating... [00m50s elapsed]
aws_s3_bucket.nfs_bucket: Still creating... [01m00s elapsed]
aws_s3_bucket.nfs_bucket: Still creating... [01m10s elapsed]
aws_s3_bucket.nfs_bucket: Still creating... [01m20s elapsed]
aws_s3_bucket.nfs_bucket: Still creating... [01m30s elapsed]
aws_s3_bucket.nfs_bucket: Still creating... [01m40s elapsed]
aws_s3_bucket.nfs_bucket: Still creating... [01m50s elapsed]
aws_s3_bucket.nfs_bucket: Still creating... [02m00s elapsed]
aws_s3_bucket.nfs_bucket: Still creating... [02m10s elapsed]
aws_s3_bucket.nfs_bucket: Still creating... [02m20s elapsed]
aws_s3_bucket.nfs_bucket: Still creating... [02m30s elapsed]
aws_s3_bucket.nfs_bucket: Still creating... [02m40s elapsed]
aws_s3_bucket.nfs_bucket: Still creating... [02m50s elapsed]
aws_s3_bucket.nfs_bucket: Still creating... [03m00s elapsed]
aws_s3_bucket.nfs_bucket: Still creating... [03m10s elapsed]
aws_s3_bucket.nfs_bucket: Still creating... [03m20s elapsed]
aws_s3_bucket.nfs_bucket: Still creating... [03m30s elapsed]
aws_s3_bucket.nfs_bucket: Still creating... [03m40s elapsed]
aws_s3_bucket.nfs_bucket: Still creating... [03m50s elapsed]
aws_s3_bucket.nfs_bucket: Still creating... [04m00s elapsed]
aws_s3_bucket.nfs_bucket: Still creating... [04m10s elapsed]
aws_s3_bucket.nfs_bucket: Still creating... [04m20s elapsed]
aws_s3_bucket.nfs_bucket: Still creating... [04m30s elapsed]
aws_s3_bucket.nfs_bucket: Still creating... [04m40s elapsed]
aws_s3_bucket.nfs_bucket: Still creating... [04m50s elapsed]
aws_s3_bucket.nfs_bucket: Still creating... [05m00s elapsed]
aws_s3_bucket.nfs_bucket: Still creating... [05m10s elapsed]
aws_s3_bucket.nfs_bucket: Still creating... [05m20s elapsed]
aws_s3_bucket.nfs_bucket: Still creating... [05m30s elapsed]
aws_s3_bucket.nfs_bucket: Still creating... [05m40s elapsed]
aws_s3_bucket.nfs_bucket: Still creating... [05m50s elapsed]
aws_s3_bucket.nfs_bucket: Still creating... [06m00s elapsed]
aws_s3_bucket.nfs_bucket: Still creating... [06m10s elapsed]
aws_s3_bucket.nfs_bucket: Still creating... [06m20s elapsed]
aws_s3_bucket.nfs_bucket: Still creating... [06m30s elapsed]
aws_s3_bucket.nfs_bucket: Still creating... [06m40s elapsed]
aws_s3_bucket.nfs_bucket: Still creating... [06m50s elapsed]
aws_s3_bucket.nfs_bucket: Still creating... [07m00s elapsed]
aws_s3_bucket.nfs_bucket: Still creating... [07m10s elapsed]
aws_s3_bucket.nfs_bucket: Still creating... [07m20s elapsed]
aws_s3_bucket.nfs_bucket: Still creating... [07m30s elapsed]
aws_s3_bucket.nfs_bucket: Still creating... [07m40s elapsed]
aws_s3_bucket.nfs_bucket: Still creating... [07m50s elapsed]
aws_s3_bucket.nfs_bucket: Still creating... [08m00s elapsed]
aws_s3_bucket.nfs_bucket: Still creating... [08m10s elapsed]
aws_s3_bucket.nfs_bucket: Still creating... [08m20s elapsed]
aws_s3_bucket.nfs_bucket: Still creating... [08m30s elapsed]
aws_s3_bucket.nfs_bucket: Still creating... [08m40s elapsed]
aws_s3_bucket.nfs_bucket: Still creating... [08m50s elapsed]
aws_s3_bucket.nfs_bucket: Still creating... [09m00s elapsed]
aws_s3_bucket.nfs_bucket: Still creating... [09m10s elapsed]
aws_s3_bucket.nfs_bucket: Still creating... [09m20s elapsed]
aws_s3_bucket.nfs_bucket: Still creating... [09m30s elapsed]
aws_s3_bucket.nfs_bucket: Still creating... [09m40s elapsed]
aws_s3_bucket.nfs_bucket: Still creating... [09m50s elapsed]
aws_s3_bucket.nfs_bucket: Still creating... [10m00s elapsed]
aws_s3_bucket.nfs_bucket: Still creating... [10m10s elapsed]
aws_s3_bucket.nfs_bucket: Still creating... [10m20s elapsed]
aws_s3_bucket.nfs_bucket: Still creating... [10m30s elapsed]
aws_s3_bucket.nfs_bucket: Still creating... [10m40s elapsed]
aws_s3_bucket.nfs_bucket: Still creating... [10m50s elapsed]
aws_s3_bucket.nfs_bucket: Still creating... [11m00s elapsed]
aws_s3_bucket.nfs_bucket: Still creating... [11m10s elapsed]
aws_s3_bucket.nfs_bucket: Still creating... [11m20s elapsed]
aws_s3_bucket.nfs_bucket: Still creating... [11m30s elapsed]
aws_s3_bucket.nfs_bucket: Still creating... [11m40s elapsed]
aws_s3_bucket.nfs_bucket: Still creating... [11m50s elapsed]
aws_s3_bucket.nfs_bucket: Still creating... [12m00s elapsed]
aws_s3_bucket.nfs_bucket: Still creating... [12m10s elapsed]
aws_s3_bucket.nfs_bucket: Still creating... [12m20s elapsed]
aws_s3_bucket.nfs_bucket: Still creating... [12m30s elapsed]
aws_s3_bucket.nfs_bucket: Still creating... [12m40s elapsed]
aws_s3_bucket.nfs_bucket: Still creating... [12m50s elapsed]
aws_s3_bucket.nfs_bucket: Still creating... [13m00s elapsed]
aws_s3_bucket.nfs_bucket: Still creating... [13m10s elapsed]
aws_s3_bucket.nfs_bucket: Still creating... [13m20s elapsed]
aws_s3_bucket.nfs_bucket: Still creating... [13m30s elapsed]
aws_s3_bucket.nfs_bucket: Still creating... [13m40s elapsed]
aws_s3_bucket.nfs_bucket: Still creating... [13m50s elapsed]
aws_s3_bucket.nfs_bucket: Still creating... [14m00s elapsed]
aws_s3_bucket.nfs_bucket: Still creating... [14m10s elapsed]
aws_s3_bucket.nfs_bucket: Still creating... [14m20s elapsed]
aws_s3_bucket.nfs_bucket: Still creating... [14m30s elapsed]
aws_s3_bucket.nfs_bucket: Still creating... [14m40s elapsed]
aws_s3_bucket.nfs_bucket: Still creating... [14m50s elapsed]
aws_s3_bucket.nfs_bucket: Still creating... [15m00s elapsed]
aws_s3_bucket.nfs_bucket: Still creating... [15m10s elapsed]
aws_s3_bucket.nfs_bucket: Still creating... [15m20s elapsed]
aws_s3_bucket.nfs_bucket: Still creating... [15m30s elapsed]
aws_s3_bucket.nfs_bucket: Still creating... [15m40s elapsed]
aws_s3_bucket.nfs_bucket: Still creating... [15m50s elapsed]
aws_s3_bucket.nfs_bucket: Still creating... [16m00s elapsed]
aws_s3_bucket.nfs_bucket: Still creating... [16m10s elapsed]
aws_s3_bucket.nfs_bucket: Still creating... [16m20s elapsed]
aws_s3_bucket.nfs_bucket: Still creating... [16m30s elapsed]
aws_s3_bucket.nfs_bucket: Still creating... [16m40s elapsed]
aws_s3_bucket.nfs_bucket: Still creating... [16m50s elapsed]
aws_s3_bucket.nfs_bucket: Still creating... [17m00s elapsed]
aws_s3_bucket.nfs_bucket: Still creating... [17m10s elapsed]
aws_s3_bucket.nfs_bucket: Still creating... [17m20s elapsed]
aws_s3_bucket.nfs_bucket: Still creating... [17m30s elapsed]
aws_s3_bucket.nfs_bucket: Still creating... [17m40s elapsed]
aws_s3_bucket.nfs_bucket: Still creating... [17m50s elapsed]
aws_s3_bucket.nfs_bucket: Still creating... [18m00s elapsed]
aws_s3_bucket.nfs_bucket: Still creating... [18m10s elapsed]
aws_s3_bucket.nfs_bucket: Still creating... [18m20s elapsed]
aws_s3_bucket.nfs_bucket: Still creating... [18m30s elapsed]
aws_s3_bucket.nfs_bucket: Still creating... [18m40s elapsed]
aws_s3_bucket.nfs_bucket: Still creating... [18m50s elapsed]
aws_s3_bucket.nfs_bucket: Still creating... [19m00s elapsed]
aws_s3_bucket.nfs_bucket: Still creating... [19m10s elapsed]
aws_s3_bucket.nfs_bucket: Still creating... [19m20s elapsed]
aws_s3_bucket.nfs_bucket: Still creating... [19m30s elapsed]
aws_s3_bucket.nfs_bucket: Still creating... [19m40s elapsed]
aws_s3_bucket.nfs_bucket: Still creating... [19m50s elapsed]
aws_s3_bucket.nfs_bucket: Still creating... [20m00s elapsed]
aws_s3_bucket.nfs_bucket: Still creating... [20m10s elapsed]
aws_s3_bucket.nfs_bucket: Still creating... [20m20s elapsed]
aws_s3_bucket.nfs_bucket: Still creating... [20m30s elapsed]
aws_s3_bucket.nfs_bucket: Still creating... [20m40s elapsed]
aws_s3_bucket.nfs_bucket: Still creating... [20m50s elapsed]
aws_s3_bucket.nfs_bucket: Still creating... [21m00s elapsed]
aws_s3_bucket.nfs_bucket: Still creating... [21m10s elapsed]
aws_s3_bucket.nfs_bucket: Still creating... [21m20s elapsed]
aws_s3_bucket.nfs_bucket: Still creating... [21m30s elapsed]
aws_s3_bucket.nfs_bucket: Still creating... [21m40s elapsed]
aws_s3_bucket.nfs_bucket: Still creating... [21m50s elapsed]
aws_s3_bucket.nfs_bucket: Still creating... [22m00s elapsed]
aws_s3_bucket.nfs_bucket: Still creating... [22m10s elapsed]
aws_s3_bucket.nfs_bucket: Still creating... [22m20s elapsed]
aws_s3_bucket.nfs_bucket: Still creating... [22m30s elapsed]
aws_s3_bucket.nfs_bucket: Still creating... [22m40s elapsed]
aws_s3_bucket.nfs_bucket: Still creating... [22m50s elapsed]
aws_s3_bucket.nfs_bucket: Still creating... [23m00s elapsed]
aws_s3_bucket.nfs_bucket: Still creating... [23m10s elapsed]
aws_s3_bucket.nfs_bucket: Still creating... [23m20s elapsed]
aws_s3_bucket.nfs_bucket: Still creating... [23m30s elapsed]
aws_s3_bucket.nfs_bucket: Still creating... [23m40s elapsed]
aws_s3_bucket.nfs_bucket: Still creating... [23m50s elapsed]
aws_s3_bucket.nfs_bucket: Still creating... [24m00s elapsed]
aws_s3_bucket.nfs_bucket: Still creating... [24m10s elapsed]
aws_s3_bucket.nfs_bucket: Still creating... [24m20s elapsed]
aws_s3_bucket.nfs_bucket: Still creating... [24m30s elapsed]
aws_s3_bucket.nfs_bucket: Still creating... [24m40s elapsed]
aws_s3_bucket.nfs_bucket: Still creating... [24m50s elapsed]
aws_s3_bucket.nfs_bucket: Still creating... [25m00s elapsed]
aws_s3_bucket.nfs_bucket: Still creating... [25m10s elapsed]
aws_s3_bucket.nfs_bucket: Still creating... [25m20s elapsed]
aws_s3_bucket.nfs_bucket: Still creating... [25m30s elapsed]
aws_s3_bucket.nfs_bucket: Still creating... [25m40s elapsed]
aws_s3_bucket.nfs_bucket: Still creating... [25m50s elapsed]
aws_s3_bucket.nfs_bucket: Still creating... [26m00s elapsed]
aws_s3_bucket.nfs_bucket: Still creating... [26m10s elapsed]
aws_s3_bucket.nfs_bucket: Still creating... [26m20s elapsed]
aws_s3_bucket.nfs_bucket: Still creating... [26m30s elapsed]
aws_s3_bucket.nfs_bucket: Still creating... [26m40s elapsed]
aws_s3_bucket.nfs_bucket: Still creating... [26m50s elapsed]
aws_s3_bucket.nfs_bucket: Still creating... [27m00s elapsed]
aws_s3_bucket.nfs_bucket: Still creating... [27m10s elapsed]
aws_s3_bucket.nfs_bucket: Still creating... [27m20s elapsed]
aws_s3_bucket.nfs_bucket: Still creating... [27m30s elapsed]
aws_s3_bucket.nfs_bucket: Still creating... [27m40s elapsed]
aws_s3_bucket.nfs_bucket: Still creating... [27m50s elapsed]
aws_s3_bucket.nfs_bucket: Still creating... [28m00s elapsed]
aws_s3_bucket.nfs_bucket: Still creating... [28m10s elapsed]
aws_s3_bucket.nfs_bucket: Still creating... [28m20s elapsed]
aws_s3_bucket.nfs_bucket: Still creating... [28m30s elapsed]
aws_s3_bucket.nfs_bucket: Still creating... [28m40s elapsed]
aws_s3_bucket.nfs_bucket: Still creating... [28m50s elapsed]
aws_s3_bucket.nfs_bucket: Still creating... [29m00s elapsed]
aws_s3_bucket.nfs_bucket: Still creating... [29m10s elapsed]
aws_s3_bucket.nfs_bucket: Still creating... [29m20s elapsed]
aws_s3_bucket.nfs_bucket: Still creating... [29m30s elapsed]
aws_s3_bucket.nfs_bucket: Still creating... [29m40s elapsed]
aws_s3_bucket.nfs_bucket: Still creating... [29m50s elapsed]
aws_s3_bucket.nfs_bucket: Still creating... [30m00s elapsed]
aws_s3_bucket.nfs_bucket: Still creating... [30m10s elapsed]
aws_s3_bucket.nfs_bucket: Still creating... [30m20s elapsed]
aws_s3_bucket.nfs_bucket: Still creating... [30m30s elapsed]
aws_s3_bucket.nfs_bucket: Still creating... [30m40s elapsed]
aws_s3_bucket.nfs_bucket: Still creating... [30m50s elapsed]
aws_s3_bucket.nfs_bucket: Still creating... [31m00s elapsed]
aws_s3_bucket.nfs_bucket: Still creating... [31m10s elapsed]
aws_s3_bucket.nfs_bucket: Still creating... [31m20s elapsed]
aws_s3_bucket.nfs_bucket: Still creating... [31m30s elapsed]
aws_s3_bucket.nfs_bucket: Still creating... [31m40s elapsed]
aws_s3_bucket.nfs_bucket: Still creating... [31m50s elapsed]
aws_s3_bucket.nfs_bucket: Still creating... [32m00s elapsed]
aws_s3_bucket.nfs_bucket: Still creating... [32m10s elapsed]
aws_s3_bucket.nfs_bucket: Still creating... [32m20s elapsed]
aws_s3_bucket.nfs_bucket: Still creating... [32m30s elapsed]
aws_s3_bucket.nfs_bucket: Still creating... [32m40s elapsed]
aws_s3_bucket.nfs_bucket: Still creating... [32m50s elapsed]
aws_s3_bucket.nfs_bucket: Still creating... [33m00s elapsed]
aws_s3_bucket.nfs_bucket: Still creating... [33m10s elapsed]
aws_s3_bucket.nfs_bucket: Still creating... [33m20s elapsed]
aws_s3_bucket.nfs_bucket: Still creating... [33m30s elapsed]
aws_s3_bucket.nfs_bucket: Still creating... [33m40s elapsed]
aws_s3_bucket.nfs_bucket: Still creating... [33m50s elapsed]
aws_s3_bucket.nfs_bucket: Still creating... [34m00s elapsed]
aws_s3_bucket.nfs_bucket: Still creating... [34m10s elapsed]
aws_s3_bucket.nfs_bucket: Still creating... [34m20s elapsed]
aws_s3_bucket.nfs_bucket: Still creating... [34m30s elapsed]
aws_s3_bucket.nfs_bucket: Still creating... [34m40s elapsed]
aws_s3_bucket.nfs_bucket: Still creating... [34m50s elapsed]
aws_s3_bucket.nfs_bucket: Still creating... [35m00s elapsed]
aws_s3_bucket.nfs_bucket: Still creating... [35m10s elapsed]
aws_s3_bucket.nfs_bucket: Still creating... [35m20s elapsed]
aws_s3_bucket.nfs_bucket: Still creating... [35m30s elapsed]
aws_s3_bucket.nfs_bucket: Still creating... [35m40s elapsed]
aws_s3_bucket.nfs_bucket: Still creating... [35m50s elapsed]
aws_s3_bucket.nfs_bucket: Still creating... [36m00s elapsed]
aws_s3_bucket.nfs_bucket: Still creating... [36m10s elapsed]
aws_s3_bucket.nfs_bucket: Still creating... [36m20s elapsed]
aws_s3_bucket.nfs_bucket: Still creating... [36m30s elapsed]
aws_s3_bucket.nfs_bucket: Still creating... [36m40s elapsed]
aws_s3_bucket.nfs_bucket: Still creating... [36m50s elapsed]
aws_s3_bucket.nfs_bucket: Still creating... [37m00s elapsed]
aws_s3_bucket.nfs_bucket: Still creating... [37m10s elapsed]
aws_s3_bucket.nfs_bucket: Still creating... [37m20s elapsed]
aws_s3_bucket.nfs_bucket: Still creating... [37m30s elapsed]
aws_s3_bucket.nfs_bucket: Still creating... [37m40s elapsed]
aws_s3_bucket.nfs_bucket: Still creating... [37m50s elapsed]
aws_s3_bucket.nfs_bucket: Still creating... [38m00s elapsed]
aws_s3_bucket.nfs_bucket: Still creating... [38m10s elapsed]
aws_s3_bucket.nfs_bucket: Still creating... [38m20s elapsed]
aws_s3_bucket.nfs_bucket: Still creating... [38m30s elapsed]
aws_s3_bucket.nfs_bucket: Still creating... [38m40s elapsed]
aws_s3_bucket.nfs_bucket: Still creating... [38m50s elapsed]
aws_s3_bucket.nfs_bucket: Still creating... [39m00s elapsed]
aws_s3_bucket.nfs_bucket: Still creating... [39m10s elapsed]
aws_s3_bucket.nfs_bucket: Still creating... [39m20s elapsed]
aws_s3_bucket.nfs_bucket: Still creating... [39m30s elapsed]
aws_s3_bucket.nfs_bucket: Still creating... [39m40s elapsed]
aws_s3_bucket.nfs_bucket: Still creating... [39m50s elapsed]
aws_s3_bucket.nfs_bucket: Still creating... [40m00s elapsed]
aws_s3_bucket.nfs_bucket: Still creating... [40m10s elapsed]
aws_s3_bucket.nfs_bucket: Still creating... [40m20s elapsed]
aws_s3_bucket.nfs_bucket: Still creating... [40m30s elapsed]
aws_s3_bucket.nfs_bucket: Still creating... [40m40s elapsed]
aws_s3_bucket.nfs_bucket: Still creating... [40m50s elapsed]
aws_s3_bucket.nfs_bucket: Still creating... [41m00s elapsed]
aws_s3_bucket.nfs_bucket: Still creating... [41m10s elapsed]
aws_s3_bucket.nfs_bucket: Still creating... [41m20s elapsed]
aws_s3_bucket.nfs_bucket: Still creating... [41m30s elapsed]
aws_s3_bucket.nfs_bucket: Still creating... [41m40s elapsed]
aws_s3_bucket.nfs_bucket: Still creating... [41m50s elapsed]
aws_s3_bucket.nfs_bucket: Still creating... [42m00s elapsed]
aws_s3_bucket.nfs_bucket: Still creating... [42m10s elapsed]
aws_s3_bucket.nfs_bucket: Still creating... [42m20s elapsed]
aws_s3_bucket.nfs_bucket: Still creating... [42m30s elapsed]
aws_s3_bucket.nfs_bucket: Still creating... [42m40s elapsed]
aws_s3_bucket.nfs_bucket: Still creating... [42m50s elapsed]
aws_s3_bucket.nfs_bucket: Still creating... [43m00s elapsed]
aws_s3_bucket.nfs_bucket: Still creating... [43m10s elapsed]
aws_s3_bucket.nfs_bucket: Still creating... [43m20s elapsed]
aws_s3_bucket.nfs_bucket: Still creating... [43m30s elapsed]
aws_s3_bucket.nfs_bucket: Still creating... [43m40s elapsed]
aws_s3_bucket.nfs_bucket: Still creating... [43m50s elapsed]
aws_s3_bucket.nfs_bucket: Still creating... [44m00s elapsed]
aws_s3_bucket.nfs_bucket: Still creating... [44m10s elapsed]
aws_s3_bucket.nfs_bucket: Still creating... [44m20s elapsed]
aws_s3_bucket.nfs_bucket: Still creating... [44m30s elapsed]
aws_s3_bucket.nfs_bucket: Still creating... [44m40s elapsed]
aws_s3_bucket.nfs_bucket: Still creating... [44m50s elapsed]
aws_s3_bucket.nfs_bucket: Still creating... [45m00s elapsed]
aws_s3_bucket.nfs_bucket: Still creating... [45m10s elapsed]
aws_s3_bucket.nfs_bucket: Still creating... [45m20s elapsed]
aws_s3_bucket.nfs_bucket: Still creating... [45m30s elapsed]
aws_s3_bucket.nfs_bucket: Still creating... [45m40s elapsed]
aws_s3_bucket.nfs_bucket: Still creating... [45m50s elapsed]
aws_s3_bucket.nfs_bucket: Still creating... [46m00s elapsed]
aws_s3_bucket.nfs_bucket: Still creating... [46m10s elapsed]
aws_s3_bucket.nfs_bucket: Still creating... [46m20s elapsed]
aws_s3_bucket.nfs_bucket: Still creating... [46m30s elapsed]
aws_s3_bucket.nfs_bucket: Still creating... [46m40s elapsed]
aws_s3_bucket.nfs_bucket: Still creating... [46m50s elapsed]
aws_s3_bucket.nfs_bucket: Still creating... [47m00s elapsed]
aws_s3_bucket.nfs_bucket: Still creating... [47m10s elapsed]
aws_s3_bucket.nfs_bucket: Still creating... [47m20s elapsed]
aws_s3_bucket.nfs_bucket: Still creating... [47m30s elapsed]
aws_s3_bucket.nfs_bucket: Still creating... [47m40s elapsed]
aws_s3_bucket.nfs_bucket: Still creating... [47m50s elapsed]
