data.archive_file.lambda_dummy: Reading...
data.archive_file.lambda_dummy: Read complete after 0s [id=58e93fade67637870be5af38eff8d5aa66c7da49]
data.aws_iam_policy_document.lambda_assume_role: Reading...
data.aws_iam_policy_document.lambda_assume_role: Read complete after 0s [id=2690255455]

Terraform used the selected providers to generate the following execution
plan. Resource actions are indicated with the following symbols:
  + create

Terraform will perform the following actions:

  # aws_iam_policy.lambda_s3_policy will be created
  + resource "aws_iam_policy" "lambda_s3_policy" {
      + arn              = (known after apply)
      + attachment_count = (known after apply)
      + description      = "IAM policy for Lambda to access S3 and CloudWatch Logs."
      + id               = (known after apply)
      + name             = "lambda-delta-lake-s3-policy"
      + name_prefix      = (known after apply)
      + path             = "/"
      + policy           = (known after apply)
      + policy_id        = (known after apply)
      + tags_all         = (known after apply)
    }

  # aws_iam_role.lambda_exec will be created
  + resource "aws_iam_role" "lambda_exec" {
      + arn                   = (known after apply)
      + assume_role_policy    = jsonencode(
            {
              + Statement = [
                  + {
                      + Action    = "sts:AssumeRole"
                      + Effect    = "Allow"
                      + Principal = {
                          + Service = "lambda.amazonaws.com"
                        }
                    },
                ]
              + Version   = "2012-10-17"
            }
        )
      + create_date           = (known after apply)
      + force_detach_policies = false
      + id                    = (known after apply)
      + managed_policy_arns   = (known after apply)
      + max_session_duration  = 3600
      + name                  = "lambda-delta-lake-exec-role"
      + name_prefix           = (known after apply)
      + path                  = "/"
      + tags_all              = (known after apply)
      + unique_id             = (known after apply)

      + inline_policy (known after apply)
    }

  # aws_iam_role_policy_attachment.lambda_s3_attach will be created
  + resource "aws_iam_role_policy_attachment" "lambda_s3_attach" {
      + id         = (known after apply)
      + policy_arn = (known after apply)
      + role       = "lambda-delta-lake-exec-role"
    }

  # aws_lambda_function.rust_delta_lake will be created
  + resource "aws_lambda_function" "rust_delta_lake" {
      + architectures                  = (known after apply)
      + arn                            = (known after apply)
      + code_sha256                    = (known after apply)
      + filename                       = "./.dummy/lambda.zip"
      + function_name                  = "rust-delta-lake-lambda"
      + handler                        = "bootstrap"
      + id                             = (known after apply)
      + invoke_arn                     = (known after apply)
      + last_modified                  = (known after apply)
      + memory_size                    = 128
      + package_type                   = "Zip"
      + publish                        = false
      + qualified_arn                  = (known after apply)
      + qualified_invoke_arn           = (known after apply)
      + region                         = "us-east-1"
      + reserved_concurrent_executions = -1
      + role                           = (known after apply)
      + runtime                        = "provided.al2"
      + signing_job_arn                = (known after apply)
      + signing_profile_version_arn    = (known after apply)
      + skip_destroy                   = false
      + source_code_hash               = "wmbalFzzY/wG3ivChKElOZB3+B4gptmQyIat05p+fU4="
      + source_code_size               = (known after apply)
      + tags_all                       = (known after apply)
      + timeout                        = 3
      + version                        = (known after apply)

      + environment {
          + variables = {
              + "S3_BUCKET" = "ai-tf"
            }
        }

      + ephemeral_storage (known after apply)

      + logging_config (known after apply)

      + tracing_config (known after apply)

      + vpc_config {
          + ipv6_allowed_for_dual_stack = false
          + security_group_ids          = (known after apply)
          + vpc_id                      = (known after apply)
        }
    }

  # aws_s3_bucket.delta_lake will be created
  + resource "aws_s3_bucket" "delta_lake" {
      + acceleration_status         = (known after apply)
      + acl                         = (known after apply)
      + arn                         = (known after apply)
      + bucket                      = "ai-tf"
      + bucket_domain_name          = (known after apply)
      + bucket_prefix               = (known after apply)
      + bucket_region               = (known after apply)
      + bucket_regional_domain_name = (known after apply)
      + force_destroy               = true
      + hosted_zone_id              = (known after apply)
      + id                          = (known after apply)
      + object_lock_enabled         = (known after apply)
      + policy                      = (known after apply)
      + region                      = "us-east-1"
      + request_payer               = (known after apply)
      + tags                        = {
          + "Environment" = "dev"
          + "Name"        = "ai-tf"
        }
      + tags_all                    = {
          + "Environment" = "dev"
          + "Name"        = "ai-tf"
        }
      + website_domain              = (known after apply)
      + website_endpoint            = (known after apply)

      + cors_rule (known after apply)

      + grant (known after apply)

      + lifecycle_rule (known after apply)

      + logging (known after apply)

      + object_lock_configuration (known after apply)

      + replication_configuration (known after apply)

      + server_side_encryption_configuration (known after apply)

      + versioning (known after apply)

      + website (known after apply)
    }

  # aws_s3_bucket_public_access_block.delta_lake will be created
  + resource "aws_s3_bucket_public_access_block" "delta_lake" {
      + block_public_acls       = true
      + block_public_policy     = true
      + bucket                  = (known after apply)
      + id                      = (known after apply)
      + ignore_public_acls      = true
      + region                  = "us-east-1"
      + restrict_public_buckets = true
    }

  # aws_security_group.lambda_sg will be created
  + resource "aws_security_group" "lambda_sg" {
      + arn                    = (known after apply)
      + description            = "Security group for Lambda function"
      + egress                 = [
          + {
              + cidr_blocks      = [
                  + "0.0.0.0/0",
                ]
              + from_port        = 0
              + ipv6_cidr_blocks = []
              + prefix_list_ids  = []
              + protocol         = "-1"
              + security_groups  = []
              + self             = false
              + to_port          = 0
                # (1 unchanged attribute hidden)
            },
        ]
      + id                     = (known after apply)
      + ingress                = (known after apply)
      + name                   = "lambda-delta-lake-sg"
      + name_prefix            = (known after apply)
      + owner_id               = (known after apply)
      + region                 = "us-east-1"
      + revoke_rules_on_delete = false
      + tags_all               = (known after apply)
      + vpc_id                 = (known after apply)
    }

Plan: 7 to add, 0 to change, 0 to destroy.

Changes to Outputs:
  + lambda_function_name = "rust-delta-lake-lambda"
  + lambda_role_arn      = (known after apply)
  + s3_bucket_name       = "ai-tf"
aws_iam_role.lambda_exec: Creating...
aws_security_group.lambda_sg: Creating...
aws_s3_bucket.delta_lake: Creating...
aws_iam_role.lambda_exec: Creation complete after 0s [id=lambda-delta-lake-exec-role]
aws_security_group.lambda_sg: Creation complete after 1s [id=sg-8d092297ffe34ed84]
