{"format_version":"1.2","terraform_version":"1.13.5","variables":{"app_name":{"value":"mlflow-server"},"aws_region":{"value":"us-east-1"},"container_image":{"value":"ghcr.io/mlflow/mlflow:v2.5.0"},"container_port":{"value":5000},"create_backend_store":{"value":false},"db_name":{"value":"mlflow"},"db_password":{"value":"mlflowmlflow"},"db_username":{"value":"mlflow"},"mlflow_password":{"value":"mlflow"},"mlflow_username":{"value":"mlflow"}},"planned_values":{"outputs":{"apprunner_service_url":{"sensitive":false},"artifact_bucket_name":{"sensitive":false},"backend_store_enabled":{"sensitive":false,"type":"bool","value":false},"rds_endpoint":{"sensitive":false,"type":"dynamic","value":null}},"root_module":{"resources":[{"address":"aws_apprunner_service.mlflow","mode":"managed","type":"aws_apprunner_service","name":"mlflow","provider_name":"registry.terraform.io/hashicorp/aws","schema_version":0,"values":{"encryption_configuration":[],"instance_configuration":[{"cpu":"1 vCPU","instance_role_arn":null,"memory":"2 GB"}],"observability_configuration":[],"source_configuration":[{"authentication_configuration":[],"auto_deployments_enabled":false,"code_repository":[],"image_repository":[{"image_configuration":[{"port":"5000","runtime_environment_secrets":null,"start_command":"mlflow server --host 0.0.0.0 --port 5000 --app-name basic-auth"}],"image_identifier":"ghcr.io/mlflow/mlflow:v2.5.0","image_repository_type":"ECR_PUBLIC"}]}],"tags":null,"tags_all":{"Managed":"terraform","Project":"mlflow-server"}},"sensitive_values":{"encryption_configuration":[],"health_check_configuration":[],"instance_configuration":[{}],"network_configuration":[],"observability_configuration":[],"source_configuration":[{"authentication_configuration":[],"code_repository":[],"image_repository":[{"image_configuration":[{"runtime_environment_variables":{}}]}]}],"tags_all":{}}},{"address":"aws_iam_role.apprunner_ecr_access","mode":"managed","type":"aws_iam_role","name":"apprunner_ecr_access","provider_name":"registry.terraform.io/hashicorp/aws","schema_version":0,"values":{"assume_role_policy":"{\"Statement\":[{\"Action\":\"sts:AssumeRole\",\"Effect\":\"Allow\",\"Principal\":{\"Service\":\"build.apprunner.amazonaws.com\"}}],\"Version\":\"2012-10-17\"}","description":null,"force_detach_policies":false,"max_session_duration":3600,"path":"/","permissions_boundary":null,"tags":null,"tags_all":{"Managed":"terraform","Project":"mlflow-server"}},"sensitive_values":{"inline_policy":[],"managed_policy_arns":[],"tags_all":{}}},{"address":"aws_iam_role_policy_attachment.apprunner_ecr_access","mode":"managed","type":"aws_iam_role_policy_attachment","name":"apprunner_ecr_access","provider_name":"registry.terraform.io/hashicorp/aws","schema_version":0,"values":{"policy_arn":"arn:aws:iam::aws:policy/service-role/AWSAppRunnerServicePolicyForECRAccess"},"sensitive_values":{}},{"address":"aws_s3_bucket.artifacts","mode":"managed","type":"aws_s3_bucket","name":"artifacts","provider_name":"registry.terraform.io/hashicorp/aws","schema_version":0,"values":{"force_destroy":true,"tags":null,"tags_all":{"Managed":"terraform","Project":"mlflow-server"},"timeouts":null},"sensitive_values":{"cors_rule":[],"grant":[],"lifecycle_rule":[],"logging":[],"object_lock_configuration":[],"replication_configuration":[],"server_side_encryption_configuration":[],"tags_all":{},"versioning":[],"website":[]}},{"address":"aws_s3_bucket_public_access_block.artifacts","mode":"managed","type":"aws_s3_bucket_public_access_block","name":"artifacts","provider_name":"registry.terraform.io/hashicorp/aws","schema_version":0,"values":{"block_public_acls":true,"block_public_policy":true,"ignore_public_acls":true,"restrict_public_buckets":true},"sensitive_values":{}},{"address":"aws_s3_bucket_versioning.artifacts","mode":"managed","type":"aws_s3_bucket_versioning","name":"artifacts","provider_name":"registry.terraform.io/hashicorp/aws","schema_version":0,"values":{"expected_bucket_owner":null,"mfa":null,"versioning_configuration":[{"status":"Enabled"}]},"sensitive_values":{"versioning_configuration":[{}]}},{"address":"random_id.suffix","mode":"managed","type":"random_id","name":"suffix","provider_name":"registry.terraform.io/hashicorp/random","schema_version":0,"values":{"byte_length":4,"keepers":null,"prefix":null},"sensitive_values":{}}]}},"resource_changes":[{"address":"aws_apprunner_service.mlflow","mode":"managed","type":"aws_apprunner_service","name":"mlflow","provider_name":"registry.terraform.io/hashicorp/aws","change":{"actions":["create"],"before":null,"after":{"encryption_configuration":[],"instance_configuration":[{"cpu":"1 vCPU","instance_role_arn":null,"memory":"2 GB"}],"observability_configuration":[],"source_configuration":[{"authentication_configuration":[],"auto_deployments_enabled":false,"code_repository":[],"image_repository":[{"image_configuration":[{"port":"5000","runtime_environment_secrets":null,"start_command":"mlflow server --host 0.0.0.0 --port 5000 --app-name basic-auth"}],"image_identifier":"ghcr.io/mlflow/mlflow:v2.5.0","image_repository_type":"ECR_PUBLIC"}]}],"tags":null,"tags_all":{"Managed":"terraform","Project":"mlflow-server"}},"after_unknown":{"arn":true,"auto_scaling_configuration_arn":true,"encryption_configuration":[],"health_check_configuration":true,"id":true,"instance_configuration":[{}],"network_configuration":true,"observability_configuration":[],"service_id":true,"service_name":true,"service_url":true,"source_configuration":[{"authentication_configuration":[],"code_repository":[],"image_repository":[{"image_configuration":[{"runtime_environment_variables":true}]}]}],"status":true,"tags_all":{}},"before_sensitive":false,"after_sensitive":{"encryption_configuration":[],"health_check_configuration":[],"instance_configuration":[{}],"network_configuration":[],"observability_configuration":[],"source_configuration":[{"authentication_configuration":[],"code_repository":[],"image_repository":[{"image_configuration":[{"runtime_environment_variables":{}}]}]}],"tags_all":{}}}},{"address":"aws_iam_role.apprunner_ecr_access","mode":"managed","type":"aws_iam_role","name":"apprunner_ecr_access","provider_name":"registry.terraform.io/hashicorp/aws","change":{"actions":["create"],"before":null,"after":{"assume_role_policy":"{\"Statement\":[{\"Action\":\"sts:AssumeRole\",\"Effect\":\"Allow\",\"Principal\":{\"Service\":\"build.apprunner.amazonaws.com\"}}],\"Version\":\"2012-10-17\"}","description":null,"force_detach_policies":false,"max_session_duration":3600,"path":"/","permissions_boundary":null,"tags":null,"tags_all":{"Managed":"terraform","Project":"mlflow-server"}},"after_unknown":{"arn":true,"create_date":true,"id":true,"inline_policy":true,"managed_policy_arns":true,"name":true,"name_prefix":true,"tags_all":{},"unique_id":true},"before_sensitive":false,"after_sensitive":{"inline_policy":[],"managed_policy_arns":[],"tags_all":{}}}},{"address":"aws_iam_role_policy_attachment.apprunner_ecr_access","mode":"managed","type":"aws_iam_role_policy_attachment","name":"apprunner_ecr_access","provider_name":"registry.terraform.io/hashicorp/aws","change":{"actions":["create"],"before":null,"after":{"policy_arn":"arn:aws:iam::aws:policy/service-role/AWSAppRunnerServicePolicyForECRAccess"},"after_unknown":{"id":true,"role":true},"before_sensitive":false,"after_sensitive":{}}},{"address":"aws_s3_bucket.artifacts","mode":"managed","type":"aws_s3_bucket","name":"artifacts","provider_name":"registry.terraform.io/hashicorp/aws","change":{"actions":["create"],"before":null,"after":{"force_destroy":true,"tags":null,"tags_all":{"Managed":"terraform","Project":"mlflow-server"},"timeouts":null},"after_unknown":{"acceleration_status":true,"acl":true,"arn":true,"bucket":true,"bucket_domain_name":true,"bucket_prefix":true,"bucket_regional_domain_name":true,"cors_rule":true,"grant":true,"hosted_zone_id":true,"id":true,"lifecycle_rule":true,"logging":true,"object_lock_configuration":true,"object_lock_enabled":true,"policy":true,"region":true,"replication_configuration":true,"request_payer":true,"server_side_encryption_configuration":true,"tags_all":{},"versioning":true,"website":true,"website_domain":true,"website_endpoint":true},"before_sensitive":false,"after_sensitive":{"cors_rule":[],"grant":[],"lifecycle_rule":[],"logging":[],"object_lock_configuration":[],"replication_configuration":[],"server_side_encryption_configuration":[],"tags_all":{},"versioning":[],"website":[]}}},{"address":"aws_s3_bucket_public_access_block.artifacts","mode":"managed","type":"aws_s3_bucket_public_access_block","name":"artifacts","provider_name":"registry.terraform.io/hashicorp/aws","change":{"actions":["create"],"before":null,"after":{"block_public_acls":true,"block_public_policy":true,"ignore_public_acls":true,"restrict_public_buckets":true},"after_unknown":{"bucket":true,"id":true},"before_sensitive":false,"after_sensitive":{}}},{"address":"aws_s3_bucket_versioning.artifacts","mode":"managed","type":"aws_s3_bucket_versioning","name":"artifacts","provider_name":"registry.terraform.io/hashicorp/aws","change":{"actions":["create"],"before":null,"after":{"expected_bucket_owner":null,"mfa":null,"versioning_configuration":[{"status":"Enabled"}]},"after_unknown":{"bucket":true,"id":true,"versioning_configuration":[{"mfa_delete":true}]},"before_sensitive":false,"after_sensitive":{"versioning_configuration":[{}]}}},{"address":"random_id.suffix","mode":"managed","type":"random_id","name":"suffix","provider_name":"registry.terraform.io/hashicorp/random","change":{"actions":["create"],"before":null,"after":{"byte_length":4,"keepers":null,"prefix":null},"after_unknown":{"b64_std":true,"b64_url":true,"dec":true,"hex":true,"id":true},"before_sensitive":false,"after_sensitive":{}}}],"output_changes":{"apprunner_service_url":{"actions":["create"],"before":null,"after_unknown":true,"before_sensitive":false,"after_sensitive":false},"artifact_bucket_name":{"actions":["create"],"before":null,"after_unknown":true,"before_sensitive":false,"after_sensitive":false},"backend_store_enabled":{"actions":["create"],"before":null,"after":false,"after_unknown":false,"before_sensitive":false,"after_sensitive":false},"rds_endpoint":{"actions":["no-op"],"before":null,"after":null,"after_unknown":false,"before_sensitive":false,"after_sensitive":false}},"prior_state":{"format_version":"1.0","terraform_version":"1.13.5","values":{"outputs":{"backend_store_enabled":{"sensitive":false,"value":false,"type":"bool"}},"root_module":{"resources":[{"address":"data.aws_caller_identity.current","mode":"data","type":"aws_caller_identity","name":"current","provider_name":"registry.terraform.io/hashicorp/aws","schema_version":0,"values":{"account_id":"000000000000","arn":"arn:aws:iam::000000000000:root","id":"000000000000","user_id":"AKIAIOSFODNN7EXAMPLE"},"sensitive_values":{}},{"address":"data.aws_iam_policy_document.apprunner_assume","mode":"data","type":"aws_iam_policy_document","name":"apprunner_assume","provider_name":"registry.terraform.io/hashicorp/aws","schema_version":0,"values":{"id":"3710474894","json":"{\n  \"Version\": \"2012-10-17\",\n  \"Statement\": [\n    {\n      \"Effect\": \"Allow\",\n      \"Action\": \"sts:AssumeRole\",\n      \"Principal\": {\n        \"Service\": \"build.apprunner.amazonaws.com\"\n      }\n    }\n  ]\n}","minified_json":"{\"Version\":\"2012-10-17\",\"Statement\":[{\"Effect\":\"Allow\",\"Action\":\"sts:AssumeRole\",\"Principal\":{\"Service\":\"build.apprunner.amazonaws.com\"}}]}","override_json":null,"override_policy_documents":null,"policy_id":null,"source_json":null,"source_policy_documents":null,"statement":[{"actions":["sts:AssumeRole"],"condition":[],"effect":"Allow","not_actions":[],"not_principals":[],"not_resources":[],"principals":[{"identifiers":["build.apprunner.amazonaws.com"],"type":"Service"}],"resources":[],"sid":""}],"version":"2012-10-17"},"sensitive_values":{"statement":[{"actions":[false],"condition":[],"not_actions":[],"not_principals":[],"not_resources":[],"principals":[{"identifiers":[false]}],"resources":[]}]}},{"address":"data.aws_partition.current","mode":"data","type":"aws_partition","name":"current","provider_name":"registry.terraform.io/hashicorp/aws","schema_version":0,"values":{"dns_suffix":"amazonaws.com","id":"aws","partition":"aws","reverse_dns_prefix":"com.amazonaws"},"sensitive_values":{}},{"address":"data.aws_region.current","mode":"data","type":"aws_region","name":"current","provider_name":"registry.terraform.io/hashicorp/aws","schema_version":0,"values":{"description":"US East (N. Virginia)","endpoint":"ec2.us-east-1.amazonaws.com","id":"us-east-1","name":"us-east-1"},"sensitive_values":{}},{"address":"data.aws_subnets.default","mode":"data","type":"aws_subnets","name":"default","provider_name":"registry.terraform.io/hashicorp/aws","schema_version":0,"values":{"filter":[{"name":"vpc-id","values":["vpc-7f047701f961309b2"]}],"id":"us-east-1","ids":["subnet-6fd8e27391287e5ff","subnet-8bad0e32f0b864c34","subnet-f9050017e6c2e4c51","subnet-991bbbdff2e7fadfe","subnet-f9a4306de9b59ac8c","subnet-bc07fd011eaed96d3"],"tags":null,"timeouts":null},"sensitive_values":{"filter":[{"values":[false]}],"ids":[false,false,false,false,false,false]}},{"address":"data.aws_vpc.default","mode":"data","type":"aws_vpc","name":"default","provider_name":"registry.terraform.io/hashicorp/aws","schema_version":0,"values":{"arn":"arn:aws:ec2:us-east-1:000000000000:vpc/vpc-7f047701f961309b2","cidr_block":"172.31.0.0/16","cidr_block_associations":[{"association_id":"vpc-cidr-assoc-528f82ab3c9c33269","cidr_block":"172.31.0.0/16","state":"associated"}],"default":true,"dhcp_options_id":"default","enable_dns_hostnames":true,"enable_dns_support":true,"enable_network_address_usage_metrics":false,"filter":null,"id":"vpc-7f047701f961309b2","instance_tenancy":"default","ipv6_association_id":"","ipv6_cidr_block":"","main_route_table_id":"rtb-fc1d7881c738e8933","owner_id":"000000000000","state":null,"tags":{},"timeouts":null},"sensitive_values":{"cidr_block_associations":[{}],"tags":{}}}]}}},"configuration":{"provider_config":{"aws":{"name":"aws","full_name":"registry.terraform.io/hashicorp/aws","version_constraint":"~\u003e 5.0","expressions":{"default_tags":[{"tags":{"references":["var.app_name"]}}],"region":{"references":["var.aws_region"]}}},"random":{"name":"random","full_name":"registry.terraform.io/hashicorp/random","version_constraint":"~\u003e 3.6"}},"root_module":{"outputs":{"apprunner_service_url":{"expression":{"references":["aws_apprunner_service.mlflow.service_url","aws_apprunner_service.mlflow"]},"description":"Public URL of the App Runner service."},"artifact_bucket_name":{"expression":{"references":["aws_s3_bucket.artifacts.bucket","aws_s3_bucket.artifacts"]},"description":"S3 bucket used for MLflow artifacts."},"backend_store_enabled":{"expression":{"references":["var.create_backend_store"]},"description":"Whether an RDS backend store was created."},"rds_endpoint":{"expression":{"references":["var.create_backend_store","aws_db_instance.mlflow[0].address","aws_db_instance.mlflow[0]","aws_db_instance.mlflow"]},"description":"RDS endpoint (if enabled)."}},"resources":[{"address":"aws_apprunner_service.mlflow","mode":"managed","type":"aws_apprunner_service","name":"mlflow","provider_config_key":"aws","expressions":{"instance_configuration":[{"cpu":{"constant_value":"1 vCPU"},"memory":{"constant_value":"2 GB"}}],"service_name":{"references":["local.name_prefix"]},"source_configuration":[{"auto_deployments_enabled":{"constant_value":false},"image_repository":[{"image_configuration":[{"port":{"references":["var.container_port"]},"runtime_environment_variables":{"references":["var.mlflow_username","var.mlflow_password","aws_s3_bucket.artifacts.bucket","aws_s3_bucket.artifacts","var.create_backend_store","var.db_username","var.db_password","aws_db_instance.mlflow[0].address","aws_db_instance.mlflow[0]","aws_db_instance.mlflow","aws_db_instance.mlflow[0].port","aws_db_instance.mlflow[0]","aws_db_instance.mlflow","var.db_name"]},"start_command":{"references":["var.container_port"]}}],"image_identifier":{"references":["var.container_image"]},"image_repository_type":{"constant_value":"ECR_PUBLIC"}}]}]},"schema_version":0},{"address":"aws_db_instance.mlflow","mode":"managed","type":"aws_db_instance","name":"mlflow","provider_config_key":"aws","expressions":{"allocated_storage":{"constant_value":20},"db_name":{"references":["var.db_name"]},"db_subnet_group_name":{"references":["aws_db_subnet_group.default[0].name","aws_db_subnet_group.default[0]","aws_db_subnet_group.default"]},"deletion_protection":{"constant_value":false},"engine":{"constant_value":"postgres"},"engine_version":{"constant_value":"15.3"},"identifier":{"references":["local.name_prefix"]},"instance_class":{"constant_value":"db.t3.micro"},"password":{"references":["var.db_password"]},"port":{"constant_value":5432},"publicly_accessible":{"constant_value":true},"skip_final_snapshot":{"constant_value":true},"storage_type":{"constant_value":"gp2"},"username":{"references":["var.db_username"]},"vpc_security_group_ids":{"references":["aws_security_group.rds[0].id","aws_security_group.rds[0]","aws_security_group.rds"]}},"schema_version":2,"count_expression":{"references":["var.create_backend_store"]}},{"address":"aws_db_subnet_group.default","mode":"managed","type":"aws_db_subnet_group","name":"default","provider_config_key":"aws","expressions":{"name":{"references":["local.name_prefix"]},"subnet_ids":{"references":["data.aws_subnets.default.ids","data.aws_subnets.default"]}},"schema_version":0,"count_expression":{"references":["var.create_backend_store"]}},{"address":"aws_iam_role.apprunner_ecr_access","mode":"managed","type":"aws_iam_role","name":"apprunner_ecr_access","provider_config_key":"aws","expressions":{"assume_role_policy":{"references":["data.aws_iam_policy_document.apprunner_assume.json","data.aws_iam_policy_document.apprunner_assume"]},"name":{"references":["local.name_prefix"]}},"schema_version":0},{"address":"aws_iam_role_policy_attachment.apprunner_ecr_access","mode":"managed","type":"aws_iam_role_policy_attachment","name":"apprunner_ecr_access","provider_config_key":"aws","expressions":{"policy_arn":{"references":["data.aws_partition.current.partition","data.aws_partition.current"]},"role":{"references":["aws_iam_role.apprunner_ecr_access.name","aws_iam_role.apprunner_ecr_access"]}},"schema_version":0},{"address":"aws_s3_bucket.artifacts","mode":"managed","type":"aws_s3_bucket","name":"artifacts","provider_config_key":"aws","expressions":{"bucket":{"references":["local.name_prefix"]},"force_destroy":{"constant_value":true}},"schema_version":0},{"address":"aws_s3_bucket_public_access_block.artifacts","mode":"managed","type":"aws_s3_bucket_public_access_block","name":"artifacts","provider_config_key":"aws","expressions":{"block_public_acls":{"constant_value":true},"block_public_policy":{"constant_value":true},"bucket":{"references":["aws_s3_bucket.artifacts.id","aws_s3_bucket.artifacts"]},"ignore_public_acls":{"constant_value":true},"restrict_public_buckets":{"constant_value":true}},"schema_version":0},{"address":"aws_s3_bucket_versioning.artifacts","mode":"managed","type":"aws_s3_bucket_versioning","name":"artifacts","provider_config_key":"aws","expressions":{"bucket":{"references":["aws_s3_bucket.artifacts.id","aws_s3_bucket.artifacts"]},"versioning_configuration":[{"status":{"constant_value":"Enabled"}}]},"schema_version":0},{"address":"aws_security_group.rds","mode":"managed","type":"aws_security_group","name":"rds","provider_config_key":"aws","expressions":{"description":{"constant_value":"RDS access (PostgreSQL)"},"egress":{"constant_value":[{"cidr_blocks":["0.0.0.0/0"],"description":null,"from_port":0,"ipv6_cidr_blocks":null,"prefix_list_ids":null,"protocol":"-1","security_groups":null,"self":null,"to_port":0}]},"ingress":{"constant_value":[{"cidr_blocks":["0.0.0.0/0"],"description":"PostgreSQL","from_port":5432,"ipv6_cidr_blocks":null,"prefix_list_ids":null,"protocol":"tcp","security_groups":null,"self":null,"to_port":5432}]},"name":{"references":["local.name_prefix"]},"vpc_id":{"references":["data.aws_vpc.default.id","data.aws_vpc.default"]}},"schema_version":1,"count_expression":{"references":["var.create_backend_store"]}},{"address":"random_id.suffix","mode":"managed","type":"random_id","name":"suffix","provider_config_key":"random","expressions":{"byte_length":{"constant_value":4}},"schema_version":0},{"address":"data.aws_caller_identity.current","mode":"data","type":"aws_caller_identity","name":"current","provider_config_key":"aws","schema_version":0},{"address":"data.aws_iam_policy_document.apprunner_assume","mode":"data","type":"aws_iam_policy_document","name":"apprunner_assume","provider_config_key":"aws","expressions":{"statement":[{"actions":{"constant_value":["sts:AssumeRole"]},"effect":{"constant_value":"Allow"},"principals":[{"identifiers":{"constant_value":["build.apprunner.amazonaws.com"]},"type":{"constant_value":"Service"}}]}]},"schema_version":0},{"address":"data.aws_partition.current","mode":"data","type":"aws_partition","name":"current","provider_config_key":"aws","schema_version":0},{"address":"data.aws_region.current","mode":"data","type":"aws_region","name":"current","provider_config_key":"aws","schema_version":0},{"address":"data.aws_subnets.default","mode":"data","type":"aws_subnets","name":"default","provider_config_key":"aws","expressions":{"filter":[{"name":{"constant_value":"vpc-id"},"values":{"references":["data.aws_vpc.default.id","data.aws_vpc.default"]}}]},"schema_version":0},{"address":"data.aws_vpc.default","mode":"data","type":"aws_vpc","name":"default","provider_config_key":"aws","expressions":{"default":{"constant_value":true}},"schema_version":0}],"variables":{"app_name":{"default":"mlflow-server","description":"Application name used for resource naming."},"aws_region":{"default":"us-east-1","description":"AWS region to deploy into."},"container_image":{"default":"ghcr.io/mlflow/mlflow:v2.5.0","description":"Container image to run in App Runner (e.g., ghcr.io/mlflow/mlflow:v2.5.0)."},"container_port":{"default":5000,"description":"Port exposed by the container / App Runner service."},"create_backend_store":{"default":false,"description":"If true, create an RDS PostgreSQL instance for MLflow backend store. If false, MLflow uses local file store (not durable)."},"db_name":{"default":"mlflow","description":"Database name (only used when create_backend_store=true)."},"db_password":{"default":"mlflowmlflow","description":"Database password (only used when create_backend_store=true).","sensitive":true},"db_username":{"default":"mlflow","description":"Database username (only used when create_backend_store=true)."},"mlflow_password":{"default":"mlflow","description":"Comma-delimited list of MLflow basic-auth passwords (same count/order as usernames).","sensitive":true},"mlflow_username":{"default":"mlflow","description":"Comma-delimited list of MLflow basic-auth usernames."}}}},"relevant_attributes":[{"resource":"data.aws_iam_policy_document.apprunner_assume","attribute":["json"]},{"resource":"aws_iam_role.apprunner_ecr_access","attribute":["name"]},{"resource":"aws_db_instance.mlflow[0]","attribute":["address"]},{"resource":"aws_s3_bucket.artifacts","attribute":["bucket"]},{"resource":"aws_s3_bucket.artifacts","attribute":["id"]},{"resource":"aws_db_instance.mlflow[0]","attribute":["port"]},{"resource":"data.aws_partition.current","attribute":["partition"]},{"resource":"random_id.suffix","attribute":["hex"]},{"resource":"aws_apprunner_service.mlflow","attribute":["service_url"]}],"timestamp":"2026-01-26T20:58:35Z","applyable":true,"complete":true,"errored":false}
