data.aws_partition.current: Reading...
data.aws_caller_identity.current: Reading...
data.aws_region.current: Reading...
data.aws_vpc.default: Reading...
data.aws_iam_policy_document.apprunner_assume: Reading...
data.aws_partition.current: Read complete after 0s [id=aws]
data.aws_region.current: Read complete after 0s [id=us-east-1]
data.aws_iam_policy_document.apprunner_assume: Read complete after 0s [id=3710474894]
data.aws_caller_identity.current: Read complete after 0s [id=000000000000]
data.aws_vpc.default: Read complete after 1s [id=vpc-7f047701f961309b2]
data.aws_subnets.default: Reading...
data.aws_subnets.default: Read complete after 0s [id=us-east-1]

Terraform used the selected providers to generate the following execution
plan. Resource actions are indicated with the following symbols:
  + create

Terraform will perform the following actions:

  # aws_apprunner_service.mlflow will be created
  + resource "aws_apprunner_service" "mlflow" {
      + arn                            = (known after apply)
      + auto_scaling_configuration_arn = (known after apply)
      + id                             = (known after apply)
      + service_id                     = (known after apply)
      + service_name                   = (known after apply)
      + service_url                    = (known after apply)
      + status                         = (known after apply)
      + tags_all                       = {
          + "Managed" = "terraform"
          + "Project" = "mlflow-server"
        }

      + health_check_configuration (known after apply)

      + instance_configuration {
          + cpu    = "1 vCPU"
          + memory = "2 GB"
        }

      + network_configuration (known after apply)

      + source_configuration {
          + auto_deployments_enabled = false

          + image_repository {
              + image_identifier      = "ghcr.io/mlflow/mlflow:v2.5.0"
              + image_repository_type = "ECR_PUBLIC"

              + image_configuration {
                  + port                          = "5000"
                  + runtime_environment_variables = (known after apply)
                  + start_command                 = "mlflow server --host 0.0.0.0 --port 5000 --app-name basic-auth"
                }
            }
        }
    }

  # aws_iam_role.apprunner_ecr_access will be created
  + resource "aws_iam_role" "apprunner_ecr_access" {
      + arn                   = (known after apply)
      + assume_role_policy    = jsonencode(
            {
              + Statement = [
                  + {
                      + Action    = "sts:AssumeRole"
                      + Effect    = "Allow"
                      + Principal = {
                          + Service = "build.apprunner.amazonaws.com"
                        }
                    },
                ]
              + Version   = "2012-10-17"
            }
        )
      + create_date           = (known after apply)
      + force_detach_policies = false
      + id                    = (known after apply)
      + managed_policy_arns   = (known after apply)
      + max_session_duration  = 3600
      + name                  = (known after apply)
      + name_prefix           = (known after apply)
      + path                  = "/"
      + tags_all              = {
          + "Managed" = "terraform"
          + "Project" = "mlflow-server"
        }
      + unique_id             = (known after apply)

      + inline_policy (known after apply)
    }

  # aws_iam_role_policy_attachment.apprunner_ecr_access will be created
  + resource "aws_iam_role_policy_attachment" "apprunner_ecr_access" {
      + id         = (known after apply)
      + policy_arn = "arn:aws:iam::aws:policy/service-role/AWSAppRunnerServicePolicyForECRAccess"
      + role       = (known after apply)
    }

  # aws_s3_bucket.artifacts will be created
  + resource "aws_s3_bucket" "artifacts" {
      + acceleration_status         = (known after apply)
      + acl                         = (known after apply)
      + arn                         = (known after apply)
      + bucket                      = (known after apply)
      + bucket_domain_name          = (known after apply)
      + bucket_prefix               = (known after apply)
      + bucket_regional_domain_name = (known after apply)
      + force_destroy               = true
      + hosted_zone_id              = (known after apply)
      + id                          = (known after apply)
      + object_lock_enabled         = (known after apply)
      + policy                      = (known after apply)
      + region                      = (known after apply)
      + request_payer               = (known after apply)
      + tags_all                    = {
          + "Managed" = "terraform"
          + "Project" = "mlflow-server"
        }
      + website_domain              = (known after apply)
      + website_endpoint            = (known after apply)

      + cors_rule (known after apply)

      + grant (known after apply)

      + lifecycle_rule (known after apply)

      + logging (known after apply)

      + object_lock_configuration (known after apply)

      + replication_configuration (known after apply)

      + server_side_encryption_configuration (known after apply)

      + versioning (known after apply)

      + website (known after apply)
    }

  # aws_s3_bucket_public_access_block.artifacts will be created
  + resource "aws_s3_bucket_public_access_block" "artifacts" {
      + block_public_acls       = true
      + block_public_policy     = true
      + bucket                  = (known after apply)
      + id                      = (known after apply)
      + ignore_public_acls      = true
      + restrict_public_buckets = true
    }

  # aws_s3_bucket_versioning.artifacts will be created
  + resource "aws_s3_bucket_versioning" "artifacts" {
      + bucket = (known after apply)
      + id     = (known after apply)

      + versioning_configuration {
          + mfa_delete = (known after apply)
          + status     = "Enabled"
        }
    }

  # random_id.suffix will be created
  + resource "random_id" "suffix" {
      + b64_std     = (known after apply)
      + b64_url     = (known after apply)
      + byte_length = 4
      + dec         = (known after apply)
      + hex         = (known after apply)
      + id          = (known after apply)
    }

Plan: 7 to add, 0 to change, 0 to destroy.

Changes to Outputs:
  + apprunner_service_url = (known after apply)
  + artifact_bucket_name  = (known after apply)
  + backend_store_enabled = false
