{"format_version":"1.2","terraform_version":"1.13.5","variables":{"app_name":{"value":"phantosio-minecraft"},"region":{"value":"us-east-1"}},"planned_values":{"outputs":{"ecr_repository_url":{"sensitive":false},"ecs_cluster_name":{"sensitive":false,"type":"string","value":"phantosio-minecraft-cluster"},"public_ip":{"sensitive":false,"type":"bool","value":true}},"root_module":{"resources":[{"address":"aws_ecr_repository.minecraft","mode":"managed","type":"aws_ecr_repository","name":"minecraft","provider_name":"registry.terraform.io/hashicorp/aws","schema_version":0,"values":{"encryption_configuration":[],"force_delete":null,"image_scanning_configuration":[],"image_tag_mutability":"MUTABLE","image_tag_mutability_exclusion_filter":[],"name":"phantosio-minecraft-ecr","region":"us-east-1","tags":{"Name":"phantosio-minecraft-ecr"},"tags_all":{"Name":"phantosio-minecraft-ecr"},"timeouts":null},"sensitive_values":{"encryption_configuration":[],"image_scanning_configuration":[],"image_tag_mutability_exclusion_filter":[],"tags":{},"tags_all":{}},"identity_schema_version":0,"identity":{"account_id":null,"name":null,"region":null}},{"address":"aws_ecs_cluster.minecraft","mode":"managed","type":"aws_ecs_cluster","name":"minecraft","provider_name":"registry.terraform.io/hashicorp/aws","schema_version":0,"values":{"configuration":[],"name":"phantosio-minecraft-cluster","region":"us-east-1","service_connect_defaults":[],"tags":{"Name":"phantosio-minecraft-cluster"},"tags_all":{"Name":"phantosio-minecraft-cluster"}},"sensitive_values":{"configuration":[],"service_connect_defaults":[],"setting":[],"tags":{},"tags_all":{}}},{"address":"aws_ecs_service.minecraft_service","mode":"managed","type":"aws_ecs_service","name":"minecraft_service","provider_name":"registry.terraform.io/hashicorp/aws","schema_version":1,"values":{"alarms":[],"capacity_provider_strategy":[],"deployment_circuit_breaker":[],"deployment_controller":[],"deployment_maximum_percent":200,"deployment_minimum_healthy_percent":100,"desired_count":1,"enable_ecs_managed_tags":false,"enable_execute_command":false,"force_delete":null,"force_new_deployment":null,"health_check_grace_period_seconds":null,"launch_type":"FARGATE","load_balancer":[],"name":"phantosio-minecraft-service","network_configuration":[{"assign_public_ip":true,"subnets":["subnet-21c8918a97733dc82","subnet-36f8e4586673e64f6","subnet-9562f5f7cac5818cc","subnet-e44372f047b7e0d20","subnet-e65b1dbcb60a8ca7f","subnet-ed9ada406648754e9"]}],"ordered_placement_strategy":[],"placement_constraints":[],"propagate_tags":null,"region":"us-east-1","scheduling_strategy":"REPLICA","service_connect_configuration":[],"service_registries":[],"sigint_rollback":null,"tags":{"Name":"phantosio-minecraft-service"},"tags_all":{"Name":"phantosio-minecraft-service"},"timeouts":null,"volume_configuration":[],"vpc_lattice_configurations":[],"wait_for_steady_state":false},"sensitive_values":{"alarms":[],"capacity_provider_strategy":[],"deployment_circuit_breaker":[],"deployment_configuration":[],"deployment_controller":[],"load_balancer":[],"network_configuration":[{"security_groups":[],"subnets":[false,false,false,false,false,false]}],"ordered_placement_strategy":[],"placement_constraints":[],"service_connect_configuration":[],"service_registries":[],"tags":{},"tags_all":{},"triggers":{},"volume_configuration":[],"vpc_lattice_configurations":[]}},{"address":"aws_ecs_task_definition.minecraft","mode":"managed","type":"aws_ecs_task_definition","name":"minecraft","provider_name":"registry.terraform.io/hashicorp/aws","schema_version":1,"values":{"cpu":"1024","ephemeral_storage":[],"family":"phantosio-minecraft-task","ipc_mode":null,"memory":"2048","network_mode":"awsvpc","pid_mode":null,"placement_constraints":[],"proxy_configuration":[],"region":"us-east-1","requires_compatibilities":["FARGATE"],"runtime_platform":[],"skip_destroy":false,"tags":{"Name":"phantosio-minecraft-task"},"tags_all":{"Name":"phantosio-minecraft-task"},"task_role_arn":null,"track_latest":false,"volume":[]},"sensitive_values":{"ephemeral_storage":[],"placement_constraints":[],"proxy_configuration":[],"requires_compatibilities":[false],"runtime_platform":[],"tags":{},"tags_all":{},"volume":[]}},{"address":"aws_iam_role.ecs_task_execution","mode":"managed","type":"aws_iam_role","name":"ecs_task_execution","provider_name":"registry.terraform.io/hashicorp/aws","schema_version":0,"values":{"assume_role_policy":"{\"Statement\":[{\"Action\":\"sts:AssumeRole\",\"Effect\":\"Allow\",\"Principal\":{\"Service\":\"ecs-tasks.amazonaws.com\"}}],\"Version\":\"2012-10-17\"}","description":null,"force_detach_policies":false,"max_session_duration":3600,"name":"phantosio-minecraft-ecs-task-execution","path":"/","permissions_boundary":null,"tags":null},"sensitive_values":{"inline_policy":[],"managed_policy_arns":[],"tags_all":{}},"identity_schema_version":0,"identity":{"account_id":null,"name":null}},{"address":"aws_iam_role_policy_attachment.ecs_task_execution_policy","mode":"managed","type":"aws_iam_role_policy_attachment","name":"ecs_task_execution_policy","provider_name":"registry.terraform.io/hashicorp/aws","schema_version":0,"values":{"policy_arn":"arn:aws:iam::aws:policy/service-role/AmazonECSTaskExecutionRolePolicy","role":"phantosio-minecraft-ecs-task-execution"},"sensitive_values":{},"identity_schema_version":0,"identity":{"account_id":null,"policy_arn":null,"role":null}},{"address":"aws_security_group.minecraft_sg","mode":"managed","type":"aws_security_group","name":"minecraft_sg","provider_name":"registry.terraform.io/hashicorp/aws","schema_version":1,"values":{"description":"Allow Minecraft and RCON ports","egress":[{"cidr_blocks":["0.0.0.0/0"],"description":"","from_port":0,"ipv6_cidr_blocks":[],"prefix_list_ids":[],"protocol":"-1","security_groups":[],"self":false,"to_port":0}],"ingress":[{"cidr_blocks":["0.0.0.0/0"],"description":"","from_port":25565,"ipv6_cidr_blocks":[],"prefix_list_ids":[],"protocol":"tcp","security_groups":[],"self":false,"to_port":25575},{"cidr_blocks":["0.0.0.0/0"],"description":"","from_port":4326,"ipv6_cidr_blocks":[],"prefix_list_ids":[],"protocol":"tcp","security_groups":[],"self":false,"to_port":4327}],"name":"phantosio-minecraft-sg","region":"us-east-1","revoke_rules_on_delete":false,"tags":{"Name":"phantosio-minecraft-sg"},"tags_all":{"Name":"phantosio-minecraft-sg"},"timeouts":null,"vpc_id":"vpc-bd89ae40e82538d1f"},"sensitive_values":{"egress":[{"cidr_blocks":[false],"ipv6_cidr_blocks":[],"prefix_list_ids":[],"security_groups":[]}],"ingress":[{"cidr_blocks":[false],"ipv6_cidr_blocks":[],"prefix_list_ids":[],"security_groups":[]},{"cidr_blocks":[false],"ipv6_cidr_blocks":[],"prefix_list_ids":[],"security_groups":[]}],"tags":{},"tags_all":{}},"identity_schema_version":0,"identity":{"account_id":null,"id":null,"region":null}}]}},"resource_changes":[{"address":"aws_ecr_repository.minecraft","mode":"managed","type":"aws_ecr_repository","name":"minecraft","provider_name":"registry.terraform.io/hashicorp/aws","change":{"actions":["create"],"before":null,"after":{"encryption_configuration":[],"force_delete":null,"image_scanning_configuration":[],"image_tag_mutability":"MUTABLE","image_tag_mutability_exclusion_filter":[],"name":"phantosio-minecraft-ecr","region":"us-east-1","tags":{"Name":"phantosio-minecraft-ecr"},"tags_all":{"Name":"phantosio-minecraft-ecr"},"timeouts":null},"after_unknown":{"arn":true,"encryption_configuration":[],"id":true,"image_scanning_configuration":[],"image_tag_mutability_exclusion_filter":[],"registry_id":true,"repository_url":true,"tags":{},"tags_all":{}},"before_sensitive":false,"after_sensitive":{"encryption_configuration":[],"image_scanning_configuration":[],"image_tag_mutability_exclusion_filter":[],"tags":{},"tags_all":{}},"after_identity":{"account_id":null,"name":null,"region":null}}},{"address":"aws_ecs_cluster.minecraft","mode":"managed","type":"aws_ecs_cluster","name":"minecraft","provider_name":"registry.terraform.io/hashicorp/aws","change":{"actions":["create"],"before":null,"after":{"configuration":[],"name":"phantosio-minecraft-cluster","region":"us-east-1","service_connect_defaults":[],"tags":{"Name":"phantosio-minecraft-cluster"},"tags_all":{"Name":"phantosio-minecraft-cluster"}},"after_unknown":{"arn":true,"configuration":[],"id":true,"service_connect_defaults":[],"setting":true,"tags":{},"tags_all":{}},"before_sensitive":false,"after_sensitive":{"configuration":[],"service_connect_defaults":[],"setting":[],"tags":{},"tags_all":{}}}},{"address":"aws_ecs_service.minecraft_service","mode":"managed","type":"aws_ecs_service","name":"minecraft_service","provider_name":"registry.terraform.io/hashicorp/aws","change":{"actions":["create"],"before":null,"after":{"alarms":[],"capacity_provider_strategy":[],"deployment_circuit_breaker":[],"deployment_controller":[],"deployment_maximum_percent":200,"deployment_minimum_healthy_percent":100,"desired_count":1,"enable_ecs_managed_tags":false,"enable_execute_command":false,"force_delete":null,"force_new_deployment":null,"health_check_grace_period_seconds":null,"launch_type":"FARGATE","load_balancer":[],"name":"phantosio-minecraft-service","network_configuration":[{"assign_public_ip":true,"subnets":["subnet-21c8918a97733dc82","subnet-36f8e4586673e64f6","subnet-9562f5f7cac5818cc","subnet-e44372f047b7e0d20","subnet-e65b1dbcb60a8ca7f","subnet-ed9ada406648754e9"]}],"ordered_placement_strategy":[],"placement_constraints":[],"propagate_tags":null,"region":"us-east-1","scheduling_strategy":"REPLICA","service_connect_configuration":[],"service_registries":[],"sigint_rollback":null,"tags":{"Name":"phantosio-minecraft-service"},"tags_all":{"Name":"phantosio-minecraft-service"},"timeouts":null,"volume_configuration":[],"vpc_lattice_configurations":[],"wait_for_steady_state":false},"after_unknown":{"alarms":[],"arn":true,"availability_zone_rebalancing":true,"capacity_provider_strategy":[],"cluster":true,"deployment_circuit_breaker":[],"deployment_configuration":true,"deployment_controller":[],"iam_role":true,"id":true,"load_balancer":[],"network_configuration":[{"security_groups":true,"subnets":[false,false,false,false,false,false]}],"ordered_placement_strategy":[],"placement_constraints":[],"platform_version":true,"service_connect_configuration":[],"service_registries":[],"tags":{},"tags_all":{},"task_definition":true,"triggers":true,"volume_configuration":[],"vpc_lattice_configurations":[]},"before_sensitive":false,"after_sensitive":{"alarms":[],"capacity_provider_strategy":[],"deployment_circuit_breaker":[],"deployment_configuration":[],"deployment_controller":[],"load_balancer":[],"network_configuration":[{"security_groups":[],"subnets":[false,false,false,false,false,false]}],"ordered_placement_strategy":[],"placement_constraints":[],"service_connect_configuration":[],"service_registries":[],"tags":{},"tags_all":{},"triggers":{},"volume_configuration":[],"vpc_lattice_configurations":[]}}},{"address":"aws_ecs_task_definition.minecraft","mode":"managed","type":"aws_ecs_task_definition","name":"minecraft","provider_name":"registry.terraform.io/hashicorp/aws","change":{"actions":["create"],"before":null,"after":{"cpu":"1024","ephemeral_storage":[],"family":"phantosio-minecraft-task","ipc_mode":null,"memory":"2048","network_mode":"awsvpc","pid_mode":null,"placement_constraints":[],"proxy_configuration":[],"region":"us-east-1","requires_compatibilities":["FARGATE"],"runtime_platform":[],"skip_destroy":false,"tags":{"Name":"phantosio-minecraft-task"},"tags_all":{"Name":"phantosio-minecraft-task"},"task_role_arn":null,"track_latest":false,"volume":[]},"after_unknown":{"arn":true,"arn_without_revision":true,"container_definitions":true,"enable_fault_injection":true,"ephemeral_storage":[],"execution_role_arn":true,"id":true,"placement_constraints":[],"proxy_configuration":[],"requires_compatibilities":[false],"revision":true,"runtime_platform":[],"tags":{},"tags_all":{},"volume":[]},"before_sensitive":false,"after_sensitive":{"ephemeral_storage":[],"placement_constraints":[],"proxy_configuration":[],"requires_compatibilities":[false],"runtime_platform":[],"tags":{},"tags_all":{},"volume":[]}}},{"address":"aws_iam_role.ecs_task_execution","mode":"managed","type":"aws_iam_role","name":"ecs_task_execution","provider_name":"registry.terraform.io/hashicorp/aws","change":{"actions":["create"],"before":null,"after":{"assume_role_policy":"{\"Statement\":[{\"Action\":\"sts:AssumeRole\",\"Effect\":\"Allow\",\"Principal\":{\"Service\":\"ecs-tasks.amazonaws.com\"}}],\"Version\":\"2012-10-17\"}","description":null,"force_detach_policies":false,"max_session_duration":3600,"name":"phantosio-minecraft-ecs-task-execution","path":"/","permissions_boundary":null,"tags":null},"after_unknown":{"arn":true,"create_date":true,"id":true,"inline_policy":true,"managed_policy_arns":true,"name_prefix":true,"tags_all":true,"unique_id":true},"before_sensitive":false,"after_sensitive":{"inline_policy":[],"managed_policy_arns":[],"tags_all":{}},"after_identity":{"account_id":null,"name":null}}},{"address":"aws_iam_role_policy_attachment.ecs_task_execution_policy","mode":"managed","type":"aws_iam_role_policy_attachment","name":"ecs_task_execution_policy","provider_name":"registry.terraform.io/hashicorp/aws","change":{"actions":["create"],"before":null,"after":{"policy_arn":"arn:aws:iam::aws:policy/service-role/AmazonECSTaskExecutionRolePolicy","role":"phantosio-minecraft-ecs-task-execution"},"after_unknown":{"id":true},"before_sensitive":false,"after_sensitive":{},"after_identity":{"account_id":null,"policy_arn":null,"role":null}}},{"address":"aws_security_group.minecraft_sg","mode":"managed","type":"aws_security_group","name":"minecraft_sg","provider_name":"registry.terraform.io/hashicorp/aws","change":{"actions":["create"],"before":null,"after":{"description":"Allow Minecraft and RCON ports","egress":[{"cidr_blocks":["0.0.0.0/0"],"description":"","from_port":0,"ipv6_cidr_blocks":[],"prefix_list_ids":[],"protocol":"-1","security_groups":[],"self":false,"to_port":0}],"ingress":[{"cidr_blocks":["0.0.0.0/0"],"description":"","from_port":25565,"ipv6_cidr_blocks":[],"prefix_list_ids":[],"protocol":"tcp","security_groups":[],"self":false,"to_port":25575},{"cidr_blocks":["0.0.0.0/0"],"description":"","from_port":4326,"ipv6_cidr_blocks":[],"prefix_list_ids":[],"protocol":"tcp","security_groups":[],"self":false,"to_port":4327}],"name":"phantosio-minecraft-sg","region":"us-east-1","revoke_rules_on_delete":false,"tags":{"Name":"phantosio-minecraft-sg"},"tags_all":{"Name":"phantosio-minecraft-sg"},"timeouts":null,"vpc_id":"vpc-bd89ae40e82538d1f"},"after_unknown":{"arn":true,"egress":[{"cidr_blocks":[false],"ipv6_cidr_blocks":[],"prefix_list_ids":[],"security_groups":[]}],"id":true,"ingress":[{"cidr_blocks":[false],"ipv6_cidr_blocks":[],"prefix_list_ids":[],"security_groups":[]},{"cidr_blocks":[false],"ipv6_cidr_blocks":[],"prefix_list_ids":[],"security_groups":[]}],"name_prefix":true,"owner_id":true,"tags":{},"tags_all":{}},"before_sensitive":false,"after_sensitive":{"egress":[{"cidr_blocks":[false],"ipv6_cidr_blocks":[],"prefix_list_ids":[],"security_groups":[]}],"ingress":[{"cidr_blocks":[false],"ipv6_cidr_blocks":[],"prefix_list_ids":[],"security_groups":[]},{"cidr_blocks":[false],"ipv6_cidr_blocks":[],"prefix_list_ids":[],"security_groups":[]}],"tags":{},"tags_all":{}},"after_identity":{"account_id":null,"id":null,"region":null}}}],"output_changes":{"ecr_repository_url":{"actions":["create"],"before":null,"after_unknown":true,"before_sensitive":false,"after_sensitive":false},"ecs_cluster_name":{"actions":["create"],"before":null,"after":"phantosio-minecraft-cluster","after_unknown":false,"before_sensitive":false,"after_sensitive":false},"public_ip":{"actions":["create"],"before":null,"after":true,"after_unknown":false,"before_sensitive":false,"after_sensitive":false}},"prior_state":{"format_version":"1.0","terraform_version":"1.13.5","values":{"outputs":{"ecs_cluster_name":{"sensitive":false,"value":"phantosio-minecraft-cluster","type":"string"},"public_ip":{"sensitive":false,"value":true,"type":"bool"}},"root_module":{"resources":[{"address":"data.aws_iam_policy_document.ecs_task_assume_role_policy","mode":"data","type":"aws_iam_policy_document","name":"ecs_task_assume_role_policy","provider_name":"registry.terraform.io/hashicorp/aws","schema_version":0,"values":{"id":"1077804475","json":"{\n  \"Version\": \"2012-10-17\",\n  \"Statement\": [\n    {\n      \"Effect\": \"Allow\",\n      \"Action\": \"sts:AssumeRole\",\n      \"Principal\": {\n        \"Service\": \"ecs-tasks.amazonaws.com\"\n      }\n    }\n  ]\n}","minified_json":"{\"Version\":\"2012-10-17\",\"Statement\":[{\"Effect\":\"Allow\",\"Action\":\"sts:AssumeRole\",\"Principal\":{\"Service\":\"ecs-tasks.amazonaws.com\"}}]}","override_json":null,"override_policy_documents":null,"policy_id":null,"source_json":null,"source_policy_documents":null,"statement":[{"actions":["sts:AssumeRole"],"condition":[],"effect":"Allow","not_actions":[],"not_principals":[],"not_resources":[],"principals":[{"identifiers":["ecs-tasks.amazonaws.com"],"type":"Service"}],"resources":[],"sid":""}],"version":"2012-10-17"},"sensitive_values":{"statement":[{"actions":[false],"condition":[],"not_actions":[],"not_principals":[],"not_resources":[],"principals":[{"identifiers":[false]}],"resources":[]}]}},{"address":"data.aws_subnets.default","mode":"data","type":"aws_subnets","name":"default","provider_name":"registry.terraform.io/hashicorp/aws","schema_version":0,"values":{"filter":[{"name":"vpc-id","values":["vpc-bd89ae40e82538d1f"]}],"id":"us-east-1","ids":["subnet-e44372f047b7e0d20","subnet-e65b1dbcb60a8ca7f","subnet-21c8918a97733dc82","subnet-36f8e4586673e64f6","subnet-9562f5f7cac5818cc","subnet-ed9ada406648754e9"],"region":"us-east-1","tags":null,"timeouts":null},"sensitive_values":{"filter":[{"values":[false]}],"ids":[false,false,false,false,false,false]}},{"address":"data.aws_vpc.default","mode":"data","type":"aws_vpc","name":"default","provider_name":"registry.terraform.io/hashicorp/aws","schema_version":0,"values":{"arn":"arn:aws:ec2:us-east-1:000000000000:vpc/vpc-bd89ae40e82538d1f","cidr_block":"172.31.0.0/16","cidr_block_associations":[{"association_id":"vpc-cidr-assoc-e5fa24b3c41725992","cidr_block":"172.31.0.0/16","state":"associated"}],"default":true,"dhcp_options_id":"default","enable_dns_hostnames":true,"enable_dns_support":true,"enable_network_address_usage_metrics":false,"filter":null,"id":"vpc-bd89ae40e82538d1f","instance_tenancy":"default","ipv6_association_id":"","ipv6_cidr_block":"","main_route_table_id":"rtb-34b9bd95a0ee24d9f","owner_id":"000000000000","region":"us-east-1","state":null,"tags":{},"timeouts":null},"sensitive_values":{"cidr_block_associations":[{}],"tags":{}}}]}}},"configuration":{"provider_config":{"aws":{"name":"aws","full_name":"registry.terraform.io/hashicorp/aws","version_constraint":"6.28.0","expressions":{"region":{"references":["var.region"]}}}},"root_module":{"outputs":{"ecr_repository_url":{"expression":{"references":["aws_ecr_repository.minecraft.repository_url","aws_ecr_repository.minecraft"]}},"ecs_cluster_name":{"expression":{"references":["aws_ecs_cluster.minecraft.name","aws_ecs_cluster.minecraft"]}},"public_ip":{"expression":{"references":["aws_ecs_service.minecraft_service.network_configuration[0].assign_public_ip","aws_ecs_service.minecraft_service.network_configuration[0]","aws_ecs_service.minecraft_service.network_configuration","aws_ecs_service.minecraft_service"]}}},"resources":[{"address":"aws_ecr_repository.minecraft","mode":"managed","type":"aws_ecr_repository","name":"minecraft","provider_config_key":"aws","expressions":{"image_tag_mutability":{"constant_value":"MUTABLE"},"name":{"references":["var.app_name"]},"tags":{"references":["var.app_name"]}},"schema_version":0},{"address":"aws_ecs_cluster.minecraft","mode":"managed","type":"aws_ecs_cluster","name":"minecraft","provider_config_key":"aws","expressions":{"name":{"references":["var.app_name"]},"tags":{"references":["var.app_name"]}},"schema_version":0},{"address":"aws_ecs_service.minecraft_service","mode":"managed","type":"aws_ecs_service","name":"minecraft_service","provider_config_key":"aws","expressions":{"cluster":{"references":["aws_ecs_cluster.minecraft.id","aws_ecs_cluster.minecraft"]},"desired_count":{"constant_value":1},"launch_type":{"constant_value":"FARGATE"},"name":{"references":["var.app_name"]},"network_configuration":[{"assign_public_ip":{"constant_value":true},"security_groups":{"references":["aws_security_group.minecraft_sg.id","aws_security_group.minecraft_sg"]},"subnets":{"references":["data.aws_subnets.default.ids","data.aws_subnets.default"]}}],"tags":{"references":["var.app_name"]},"task_definition":{"references":["aws_ecs_task_definition.minecraft.arn","aws_ecs_task_definition.minecraft"]}},"schema_version":1,"depends_on":["aws_iam_role_policy_attachment.ecs_task_execution_policy"]},{"address":"aws_ecs_task_definition.minecraft","mode":"managed","type":"aws_ecs_task_definition","name":"minecraft","provider_config_key":"aws","expressions":{"container_definitions":{"references":["aws_ecr_repository.minecraft.repository_url","aws_ecr_repository.minecraft"]},"cpu":{"constant_value":"1024"},"execution_role_arn":{"references":["aws_iam_role.ecs_task_execution.arn","aws_iam_role.ecs_task_execution"]},"family":{"references":["var.app_name"]},"memory":{"constant_value":"2048"},"network_mode":{"constant_value":"awsvpc"},"requires_compatibilities":{"constant_value":["FARGATE"]},"tags":{"references":["var.app_name"]}},"schema_version":1},{"address":"aws_iam_role.ecs_task_execution","mode":"managed","type":"aws_iam_role","name":"ecs_task_execution","provider_config_key":"aws","expressions":{"assume_role_policy":{"references":["data.aws_iam_policy_document.ecs_task_assume_role_policy.json","data.aws_iam_policy_document.ecs_task_assume_role_policy"]},"name":{"references":["var.app_name"]}},"schema_version":0},{"address":"aws_iam_role_policy_attachment.ecs_task_execution_policy","mode":"managed","type":"aws_iam_role_policy_attachment","name":"ecs_task_execution_policy","provider_config_key":"aws","expressions":{"policy_arn":{"constant_value":"arn:aws:iam::aws:policy/service-role/AmazonECSTaskExecutionRolePolicy"},"role":{"references":["aws_iam_role.ecs_task_execution.name","aws_iam_role.ecs_task_execution"]}},"schema_version":0},{"address":"aws_security_group.minecraft_sg","mode":"managed","type":"aws_security_group","name":"minecraft_sg","provider_config_key":"aws","expressions":{"description":{"constant_value":"Allow Minecraft and RCON ports"},"egress":{"constant_value":[{"cidr_blocks":["0.0.0.0/0"],"description":null,"from_port":0,"ipv6_cidr_blocks":null,"prefix_list_ids":null,"protocol":"-1","security_groups":null,"self":null,"to_port":0}]},"ingress":{"constant_value":[{"cidr_blocks":["0.0.0.0/0"],"description":null,"from_port":25565,"ipv6_cidr_blocks":null,"prefix_list_ids":null,"protocol":"tcp","security_groups":null,"self":null,"to_port":25575},{"cidr_blocks":["0.0.0.0/0"],"description":null,"from_port":4326,"ipv6_cidr_blocks":null,"prefix_list_ids":null,"protocol":"tcp","security_groups":null,"self":null,"to_port":4327}]},"name":{"references":["var.app_name"]},"tags":{"references":["var.app_name"]},"vpc_id":{"references":["data.aws_vpc.default.id","data.aws_vpc.default"]}},"schema_version":1},{"address":"data.aws_iam_policy_document.ecs_task_assume_role_policy","mode":"data","type":"aws_iam_policy_document","name":"ecs_task_assume_role_policy","provider_config_key":"aws","expressions":{"statement":[{"actions":{"constant_value":["sts:AssumeRole"]},"principals":[{"identifiers":{"constant_value":["ecs-tasks.amazonaws.com"]},"type":{"constant_value":"Service"}}]}]},"schema_version":0},{"address":"data.aws_subnets.default","mode":"data","type":"aws_subnets","name":"default","provider_config_key":"aws","expressions":{"filter":[{"name":{"constant_value":"vpc-id"},"values":{"references":["data.aws_vpc.default.id","data.aws_vpc.default"]}}]},"schema_version":0},{"address":"data.aws_vpc.default","mode":"data","type":"aws_vpc","name":"default","provider_config_key":"aws","expressions":{"default":{"constant_value":true}},"schema_version":0}],"variables":{"app_name":{"default":"phantosio-minecraft","description":"Name prefix for all resources."},"region":{"default":"us-east-1","description":"AWS region to deploy resources"}}}},"relevant_attributes":[{"resource":"aws_ecs_cluster.minecraft","attribute":["name"]},{"resource":"aws_ecs_service.minecraft_service","attribute":["network_configuration",0,"assign_public_ip"]},{"resource":"data.aws_vpc.default","attribute":["id"]},{"resource":"aws_iam_role.ecs_task_execution","attribute":["name"]},{"resource":"aws_ecs_task_definition.minecraft","attribute":["arn"]},{"resource":"data.aws_iam_policy_document.ecs_task_assume_role_policy","attribute":["json"]},{"resource":"aws_security_group.minecraft_sg","attribute":["id"]},{"resource":"aws_ecr_repository.minecraft","attribute":["repository_url"]},{"resource":"data.aws_subnets.default","attribute":["ids"]},{"resource":"aws_ecs_cluster.minecraft","attribute":["id"]},{"resource":"aws_iam_role.ecs_task_execution","attribute":["arn"]}],"timestamp":"2026-01-22T20:36:45Z","applyable":true,"complete":true,"errored":false}
