data.aws_availability_zones.available: Reading...
data.aws_iam_policy_document.ec2_assume_role_policy: Reading...
data.aws_iam_policy_document.user1001_s3_access: Reading...
data.aws_s3_bucket.workshop: Reading...
data.aws_iam_policy_document.ec2_s3_access: Reading...
data.aws_ami.ubuntu: Reading...
data.aws_iam_policy_document.user1001_s3_access: Read complete after 0s [id=452813413]
data.aws_iam_policy_document.ec2_s3_access: Read complete after 0s [id=452813413]
data.aws_iam_policy_document.ec2_assume_role_policy: Read complete after 0s [id=2851119427]
data.aws_availability_zones.available: Read complete after 3s [id=us-east-1]
data.aws_ami.ubuntu: Still reading... [00m10s elapsed]
data.aws_s3_bucket.workshop: Still reading... [00m10s elapsed]
data.aws_s3_bucket.workshop: Still reading... [00m20s elapsed]
data.aws_ami.ubuntu: Still reading... [00m20s elapsed]
data.aws_ami.ubuntu: Still reading... [00m30s elapsed]
data.aws_s3_bucket.workshop: Still reading... [00m30s elapsed]
data.aws_ami.ubuntu: Still reading... [00m40s elapsed]
data.aws_s3_bucket.workshop: Still reading... [00m40s elapsed]
data.aws_ami.ubuntu: Still reading... [00m50s elapsed]
data.aws_s3_bucket.workshop: Still reading... [00m50s elapsed]
data.aws_s3_bucket.workshop: Still reading... [01m00s elapsed]
data.aws_ami.ubuntu: Still reading... [01m00s elapsed]
data.aws_s3_bucket.workshop: Still reading... [01m10s elapsed]
data.aws_ami.ubuntu: Still reading... [01m10s elapsed]
data.aws_s3_bucket.workshop: Still reading... [01m20s elapsed]
data.aws_ami.ubuntu: Still reading... [01m20s elapsed]
data.aws_ami.ubuntu: Still reading... [01m30s elapsed]
data.aws_s3_bucket.workshop: Still reading... [01m30s elapsed]
data.aws_s3_bucket.workshop: Still reading... [01m40s elapsed]
data.aws_ami.ubuntu: Still reading... [01m40s elapsed]
data.aws_s3_bucket.workshop: Still reading... [01m50s elapsed]
data.aws_ami.ubuntu: Still reading... [01m50s elapsed]
data.aws_s3_bucket.workshop: Still reading... [02m00s elapsed]
data.aws_ami.ubuntu: Still reading... [02m00s elapsed]
data.aws_ami.ubuntu: Still reading... [02m10s elapsed]
data.aws_s3_bucket.workshop: Still reading... [02m10s elapsed]
data.aws_ami.ubuntu: Still reading... [02m20s elapsed]
data.aws_s3_bucket.workshop: Still reading... [02m20s elapsed]
data.aws_s3_bucket.workshop: Still reading... [02m30s elapsed]
data.aws_ami.ubuntu: Still reading... [02m30s elapsed]
data.aws_s3_bucket.workshop: Still reading... [02m40s elapsed]
data.aws_ami.ubuntu: Still reading... [02m40s elapsed]
data.aws_s3_bucket.workshop: Still reading... [02m50s elapsed]
data.aws_ami.ubuntu: Still reading... [02m50s elapsed]
data.aws_ami.ubuntu: Still reading... [03m00s elapsed]
data.aws_s3_bucket.workshop: Still reading... [03m00s elapsed]
data.aws_ami.ubuntu: Still reading... [03m10s elapsed]
data.aws_s3_bucket.workshop: Still reading... [03m10s elapsed]
data.aws_s3_bucket.workshop: Still reading... [03m20s elapsed]
data.aws_ami.ubuntu: Still reading... [03m20s elapsed]
data.aws_ami.ubuntu: Still reading... [03m30s elapsed]
data.aws_s3_bucket.workshop: Still reading... [03m30s elapsed]
data.aws_ami.ubuntu: Still reading... [03m40s elapsed]
data.aws_s3_bucket.workshop: Still reading... [03m40s elapsed]
data.aws_s3_bucket.workshop: Still reading... [03m50s elapsed]
data.aws_ami.ubuntu: Still reading... [03m50s elapsed]
data.aws_ami.ubuntu: Still reading... [04m00s elapsed]
data.aws_s3_bucket.workshop: Still reading... [04m00s elapsed]
data.aws_ami.ubuntu: Still reading... [04m10s elapsed]
data.aws_s3_bucket.workshop: Still reading... [04m10s elapsed]
data.aws_s3_bucket.workshop: Still reading... [04m20s elapsed]
data.aws_ami.ubuntu: Still reading... [04m20s elapsed]
data.aws_ami.ubuntu: Still reading... [04m30s elapsed]
data.aws_s3_bucket.workshop: Still reading... [04m30s elapsed]
data.aws_s3_bucket.workshop: Still reading... [04m40s elapsed]
data.aws_ami.ubuntu: Still reading... [04m40s elapsed]
data.aws_ami.ubuntu: Still reading... [04m50s elapsed]
data.aws_s3_bucket.workshop: Still reading... [04m50s elapsed]
data.aws_s3_bucket.workshop: Still reading... [05m00s elapsed]
data.aws_ami.ubuntu: Still reading... [05m00s elapsed]
data.aws_ami.ubuntu: Still reading... [05m10s elapsed]
data.aws_s3_bucket.workshop: Still reading... [05m10s elapsed]
data.aws_ami.ubuntu: Still reading... [05m20s elapsed]
data.aws_s3_bucket.workshop: Still reading... [05m20s elapsed]
data.aws_ami.ubuntu: Still reading... [05m30s elapsed]
data.aws_s3_bucket.workshop: Still reading... [05m30s elapsed]
data.aws_s3_bucket.workshop: Still reading... [05m40s elapsed]
data.aws_ami.ubuntu: Still reading... [05m40s elapsed]
data.aws_ami.ubuntu: Still reading... [05m50s elapsed]
data.aws_s3_bucket.workshop: Still reading... [05m50s elapsed]
data.aws_s3_bucket.workshop: Still reading... [06m00s elapsed]
data.aws_ami.ubuntu: Still reading... [06m00s elapsed]
data.aws_ami.ubuntu: Still reading... [06m10s elapsed]
data.aws_s3_bucket.workshop: Still reading... [06m10s elapsed]
data.aws_ami.ubuntu: Still reading... [06m20s elapsed]
data.aws_s3_bucket.workshop: Still reading... [06m20s elapsed]
data.aws_s3_bucket.workshop: Still reading... [06m30s elapsed]
data.aws_ami.ubuntu: Still reading... [06m30s elapsed]
data.aws_s3_bucket.workshop: Still reading... [06m40s elapsed]
data.aws_ami.ubuntu: Still reading... [06m40s elapsed]
data.aws_ami.ubuntu: Still reading... [06m50s elapsed]
data.aws_s3_bucket.workshop: Still reading... [06m50s elapsed]
data.aws_s3_bucket.workshop: Still reading... [07m00s elapsed]
data.aws_ami.ubuntu: Still reading... [07m00s elapsed]
data.aws_s3_bucket.workshop: Still reading... [07m10s elapsed]
data.aws_ami.ubuntu: Still reading... [07m10s elapsed]
data.aws_s3_bucket.workshop: Still reading... [07m20s elapsed]
data.aws_ami.ubuntu: Still reading... [07m20s elapsed]
data.aws_ami.ubuntu: Still reading... [07m30s elapsed]
data.aws_s3_bucket.workshop: Still reading... [07m30s elapsed]
data.aws_ami.ubuntu: Still reading... [07m40s elapsed]
data.aws_s3_bucket.workshop: Still reading... [07m40s elapsed]
data.aws_s3_bucket.workshop: Still reading... [07m50s elapsed]
data.aws_ami.ubuntu: Still reading... [07m50s elapsed]
data.aws_ami.ubuntu: Still reading... [08m00s elapsed]
data.aws_s3_bucket.workshop: Still reading... [08m00s elapsed]
data.aws_ami.ubuntu: Still reading... [08m10s elapsed]
data.aws_s3_bucket.workshop: Still reading... [08m10s elapsed]
data.aws_ami.ubuntu: Still reading... [08m20s elapsed]
data.aws_s3_bucket.workshop: Still reading... [08m20s elapsed]
data.aws_s3_bucket.workshop: Still reading... [08m30s elapsed]
data.aws_ami.ubuntu: Still reading... [08m30s elapsed]
data.aws_ami.ubuntu: Still reading... [08m40s elapsed]
data.aws_s3_bucket.workshop: Still reading... [08m40s elapsed]
data.aws_ami.ubuntu: Still reading... [08m50s elapsed]
data.aws_s3_bucket.workshop: Still reading... [08m50s elapsed]
data.aws_ami.ubuntu: Still reading... [09m00s elapsed]
data.aws_s3_bucket.workshop: Still reading... [09m00s elapsed]
data.aws_s3_bucket.workshop: Still reading... [09m10s elapsed]
data.aws_ami.ubuntu: Still reading... [09m10s elapsed]
data.aws_ami.ubuntu: Still reading... [09m20s elapsed]
data.aws_s3_bucket.workshop: Still reading... [09m20s elapsed]
data.aws_s3_bucket.workshop: Still reading... [09m30s elapsed]
data.aws_ami.ubuntu: Still reading... [09m30s elapsed]
data.aws_ami.ubuntu: Still reading... [09m40s elapsed]
data.aws_s3_bucket.workshop: Still reading... [09m40s elapsed]
data.aws_s3_bucket.workshop: Still reading... [09m50s elapsed]
data.aws_ami.ubuntu: Still reading... [09m50s elapsed]
data.aws_s3_bucket.workshop: Still reading... [10m00s elapsed]
data.aws_ami.ubuntu: Still reading... [10m00s elapsed]
data.aws_ami.ubuntu: Still reading... [10m10s elapsed]
data.aws_s3_bucket.workshop: Still reading... [10m10s elapsed]
data.aws_s3_bucket.workshop: Still reading... [10m20s elapsed]
data.aws_ami.ubuntu: Still reading... [10m20s elapsed]
data.aws_ami.ubuntu: Still reading... [10m30s elapsed]
data.aws_s3_bucket.workshop: Still reading... [10m30s elapsed]
data.aws_ami.ubuntu: Still reading... [10m40s elapsed]
data.aws_s3_bucket.workshop: Still reading... [10m40s elapsed]
data.aws_ami.ubuntu: Still reading... [10m50s elapsed]
data.aws_s3_bucket.workshop: Still reading... [10m50s elapsed]
data.aws_ami.ubuntu: Still reading... [11m00s elapsed]
data.aws_s3_bucket.workshop: Still reading... [11m00s elapsed]
data.aws_s3_bucket.workshop: Still reading... [11m10s elapsed]
data.aws_ami.ubuntu: Still reading... [11m10s elapsed]
data.aws_s3_bucket.workshop: Still reading... [11m20s elapsed]
data.aws_ami.ubuntu: Still reading... [11m20s elapsed]
data.aws_ami.ubuntu: Still reading... [11m30s elapsed]
data.aws_s3_bucket.workshop: Still reading... [11m30s elapsed]
data.aws_s3_bucket.workshop: Still reading... [11m40s elapsed]
data.aws_ami.ubuntu: Still reading... [11m40s elapsed]
data.aws_s3_bucket.workshop: Still reading... [11m50s elapsed]
data.aws_ami.ubuntu: Still reading... [11m50s elapsed]
data.aws_ami.ubuntu: Still reading... [12m00s elapsed]
data.aws_s3_bucket.workshop: Still reading... [12m00s elapsed]
data.aws_ami.ubuntu: Still reading... [12m10s elapsed]
data.aws_s3_bucket.workshop: Still reading... [12m10s elapsed]
data.aws_ami.ubuntu: Still reading... [12m20s elapsed]
data.aws_s3_bucket.workshop: Still reading... [12m20s elapsed]
data.aws_s3_bucket.workshop: Still reading... [12m30s elapsed]
data.aws_ami.ubuntu: Still reading... [12m30s elapsed]
data.aws_s3_bucket.workshop: Still reading... [12m40s elapsed]
data.aws_ami.ubuntu: Still reading... [12m40s elapsed]
data.aws_s3_bucket.workshop: Still reading... [12m50s elapsed]
data.aws_ami.ubuntu: Still reading... [12m50s elapsed]
data.aws_ami.ubuntu: Still reading... [13m00s elapsed]
data.aws_s3_bucket.workshop: Still reading... [13m00s elapsed]
data.aws_ami.ubuntu: Still reading... [13m10s elapsed]
data.aws_s3_bucket.workshop: Still reading... [13m10s elapsed]
data.aws_ami.ubuntu: Still reading... [13m20s elapsed]
data.aws_s3_bucket.workshop: Still reading... [13m20s elapsed]
data.aws_s3_bucket.workshop: Still reading... [13m30s elapsed]
data.aws_ami.ubuntu: Still reading... [13m30s elapsed]
data.aws_s3_bucket.workshop: Still reading... [13m40s elapsed]
data.aws_ami.ubuntu: Still reading... [13m40s elapsed]
data.aws_ami.ubuntu: Still reading... [13m50s elapsed]
data.aws_s3_bucket.workshop: Still reading... [13m50s elapsed]
data.aws_ami.ubuntu: Still reading... [14m00s elapsed]
data.aws_s3_bucket.workshop: Still reading... [14m00s elapsed]
data.aws_ami.ubuntu: Still reading... [14m10s elapsed]
data.aws_s3_bucket.workshop: Still reading... [14m10s elapsed]
data.aws_s3_bucket.workshop: Still reading... [14m20s elapsed]
data.aws_ami.ubuntu: Still reading... [14m20s elapsed]
data.aws_s3_bucket.workshop: Still reading... [14m30s elapsed]
data.aws_ami.ubuntu: Still reading... [14m30s elapsed]
data.aws_s3_bucket.workshop: Still reading... [14m40s elapsed]
data.aws_ami.ubuntu: Still reading... [14m40s elapsed]
data.aws_ami.ubuntu: Still reading... [14m50s elapsed]
data.aws_s3_bucket.workshop: Still reading... [14m50s elapsed]
data.aws_ami.ubuntu: Still reading... [15m00s elapsed]
data.aws_s3_bucket.workshop: Still reading... [15m00s elapsed]
data.aws_ami.ubuntu: Still reading... [15m10s elapsed]
data.aws_s3_bucket.workshop: Still reading... [15m10s elapsed]
data.aws_s3_bucket.workshop: Still reading... [15m20s elapsed]
data.aws_ami.ubuntu: Still reading... [15m20s elapsed]
data.aws_s3_bucket.workshop: Still reading... [15m30s elapsed]
data.aws_ami.ubuntu: Still reading... [15m30s elapsed]
data.aws_ami.ubuntu: Still reading... [15m40s elapsed]
data.aws_s3_bucket.workshop: Still reading... [15m40s elapsed]
data.aws_ami.ubuntu: Still reading... [15m50s elapsed]
data.aws_s3_bucket.workshop: Still reading... [15m50s elapsed]
data.aws_s3_bucket.workshop: Still reading... [16m00s elapsed]
data.aws_ami.ubuntu: Still reading... [16m00s elapsed]
data.aws_ami.ubuntu: Still reading... [16m10s elapsed]
data.aws_s3_bucket.workshop: Still reading... [16m10s elapsed]
data.aws_ami.ubuntu: Still reading... [16m20s elapsed]
data.aws_s3_bucket.workshop: Still reading... [16m20s elapsed]
data.aws_s3_bucket.workshop: Still reading... [16m30s elapsed]
data.aws_ami.ubuntu: Still reading... [16m30s elapsed]
data.aws_ami.ubuntu: Still reading... [16m40s elapsed]
data.aws_s3_bucket.workshop: Still reading... [16m40s elapsed]
data.aws_s3_bucket.workshop: Still reading... [16m50s elapsed]
data.aws_ami.ubuntu: Still reading... [16m50s elapsed]
data.aws_s3_bucket.workshop: Still reading... [17m00s elapsed]
data.aws_ami.ubuntu: Still reading... [17m00s elapsed]
data.aws_ami.ubuntu: Still reading... [17m10s elapsed]
data.aws_s3_bucket.workshop: Still reading... [17m10s elapsed]
data.aws_s3_bucket.workshop: Still reading... [17m20s elapsed]
data.aws_ami.ubuntu: Still reading... [17m20s elapsed]
data.aws_s3_bucket.workshop: Still reading... [17m30s elapsed]
data.aws_ami.ubuntu: Still reading... [17m30s elapsed]
data.aws_s3_bucket.workshop: Still reading... [17m41s elapsed]
data.aws_ami.ubuntu: Still reading... [17m41s elapsed]
data.aws_ami.ubuntu: Still reading... [17m51s elapsed]
data.aws_s3_bucket.workshop: Still reading... [17m51s elapsed]
data.aws_s3_bucket.workshop: Still reading... [18m01s elapsed]
data.aws_ami.ubuntu: Still reading... [18m01s elapsed]
data.aws_ami.ubuntu: Still reading... [18m11s elapsed]
data.aws_s3_bucket.workshop: Still reading... [18m11s elapsed]
data.aws_s3_bucket.workshop: Still reading... [18m21s elapsed]
data.aws_ami.ubuntu: Still reading... [18m21s elapsed]
data.aws_s3_bucket.workshop: Still reading... [18m31s elapsed]
data.aws_ami.ubuntu: Still reading... [18m31s elapsed]
data.aws_s3_bucket.workshop: Still reading... [18m41s elapsed]
data.aws_ami.ubuntu: Still reading... [18m41s elapsed]
data.aws_ami.ubuntu: Still reading... [18m51s elapsed]
data.aws_s3_bucket.workshop: Still reading... [18m51s elapsed]
data.aws_ami.ubuntu: Still reading... [19m01s elapsed]
data.aws_s3_bucket.workshop: Still reading... [19m01s elapsed]
data.aws_s3_bucket.workshop: Still reading... [19m11s elapsed]
data.aws_ami.ubuntu: Still reading... [19m11s elapsed]
data.aws_ami.ubuntu: Still reading... [19m21s elapsed]
data.aws_s3_bucket.workshop: Still reading... [19m21s elapsed]
data.aws_s3_bucket.workshop: Still reading... [19m31s elapsed]
data.aws_ami.ubuntu: Still reading... [19m31s elapsed]
data.aws_ami.ubuntu: Still reading... [19m41s elapsed]
data.aws_s3_bucket.workshop: Still reading... [19m41s elapsed]
data.aws_s3_bucket.workshop: Still reading... [19m51s elapsed]
data.aws_ami.ubuntu: Still reading... [19m51s elapsed]
data.aws_s3_bucket.workshop: Still reading... [20m01s elapsed]
data.aws_ami.ubuntu: Still reading... [20m01s elapsed]
data.aws_ami.ubuntu: Still reading... [20m11s elapsed]
data.aws_s3_bucket.workshop: Still reading... [20m11s elapsed]
data.aws_s3_bucket.workshop: Still reading... [20m21s elapsed]
data.aws_ami.ubuntu: Still reading... [20m21s elapsed]
data.aws_ami.ubuntu: Still reading... [20m31s elapsed]
data.aws_s3_bucket.workshop: Still reading... [20m31s elapsed]
data.aws_ami.ubuntu: Still reading... [20m41s elapsed]
data.aws_s3_bucket.workshop: Still reading... [20m41s elapsed]
data.aws_s3_bucket.workshop: Still reading... [20m51s elapsed]
data.aws_ami.ubuntu: Still reading... [20m51s elapsed]
data.aws_ami.ubuntu: Still reading... [21m01s elapsed]
data.aws_s3_bucket.workshop: Still reading... [21m01s elapsed]
data.aws_ami.ubuntu: Still reading... [21m11s elapsed]
data.aws_s3_bucket.workshop: Still reading... [21m11s elapsed]
data.aws_s3_bucket.workshop: Still reading... [21m21s elapsed]
data.aws_ami.ubuntu: Still reading... [21m21s elapsed]
data.aws_ami.ubuntu: Still reading... [21m31s elapsed]
data.aws_s3_bucket.workshop: Still reading... [21m31s elapsed]
data.aws_s3_bucket.workshop: Still reading... [21m41s elapsed]
data.aws_ami.ubuntu: Still reading... [21m41s elapsed]
data.aws_s3_bucket.workshop: Still reading... [21m51s elapsed]
data.aws_ami.ubuntu: Still reading... [21m51s elapsed]
data.aws_ami.ubuntu: Still reading... [22m01s elapsed]
data.aws_s3_bucket.workshop: Still reading... [22m01s elapsed]
data.aws_s3_bucket.workshop: Still reading... [22m11s elapsed]
data.aws_ami.ubuntu: Still reading... [22m11s elapsed]
data.aws_s3_bucket.workshop: Still reading... [22m21s elapsed]
data.aws_ami.ubuntu: Still reading... [22m21s elapsed]
data.aws_ami.ubuntu: Still reading... [22m31s elapsed]
data.aws_s3_bucket.workshop: Still reading... [22m31s elapsed]
data.aws_ami.ubuntu: Still reading... [22m41s elapsed]
data.aws_s3_bucket.workshop: Still reading... [22m41s elapsed]
data.aws_s3_bucket.workshop: Still reading... [22m51s elapsed]
data.aws_ami.ubuntu: Still reading... [22m51s elapsed]
data.aws_s3_bucket.workshop: Still reading... [23m01s elapsed]
data.aws_ami.ubuntu: Still reading... [23m01s elapsed]
data.aws_ami.ubuntu: Still reading... [23m11s elapsed]
data.aws_s3_bucket.workshop: Still reading... [23m11s elapsed]
data.aws_s3_bucket.workshop: Still reading... [23m21s elapsed]
data.aws_ami.ubuntu: Still reading... [23m21s elapsed]
data.aws_ami.ubuntu: Still reading... [23m31s elapsed]
data.aws_s3_bucket.workshop: Still reading... [23m31s elapsed]
data.aws_s3_bucket.workshop: Still reading... [23m41s elapsed]
data.aws_ami.ubuntu: Still reading... [23m41s elapsed]
data.aws_ami.ubuntu: Still reading... [23m51s elapsed]
data.aws_s3_bucket.workshop: Still reading... [23m51s elapsed]
data.aws_s3_bucket.workshop: Still reading... [24m01s elapsed]
data.aws_ami.ubuntu: Still reading... [24m01s elapsed]
data.aws_s3_bucket.workshop: Still reading... [24m11s elapsed]
data.aws_ami.ubuntu: Still reading... [24m11s elapsed]
data.aws_s3_bucket.workshop: Still reading... [24m21s elapsed]
data.aws_ami.ubuntu: Still reading... [24m21s elapsed]
data.aws_ami.ubuntu: Still reading... [24m31s elapsed]
data.aws_s3_bucket.workshop: Still reading... [24m31s elapsed]
data.aws_ami.ubuntu: Still reading... [24m41s elapsed]
data.aws_s3_bucket.workshop: Still reading... [24m41s elapsed]
data.aws_s3_bucket.workshop: Still reading... [24m51s elapsed]
data.aws_ami.ubuntu: Still reading... [24m51s elapsed]
data.aws_ami.ubuntu: Still reading... [25m01s elapsed]
data.aws_s3_bucket.workshop: Still reading... [25m01s elapsed]
data.aws_s3_bucket.workshop: Still reading... [25m11s elapsed]
data.aws_ami.ubuntu: Still reading... [25m11s elapsed]
data.aws_ami.ubuntu: Still reading... [25m21s elapsed]
data.aws_s3_bucket.workshop: Still reading... [25m21s elapsed]
data.aws_s3_bucket.workshop: Still reading... [25m31s elapsed]
data.aws_ami.ubuntu: Still reading... [25m31s elapsed]
data.aws_s3_bucket.workshop: Still reading... [25m41s elapsed]
data.aws_ami.ubuntu: Still reading... [25m41s elapsed]
data.aws_ami.ubuntu: Still reading... [25m51s elapsed]
data.aws_s3_bucket.workshop: Still reading... [25m51s elapsed]
data.aws_s3_bucket.workshop: Still reading... [26m01s elapsed]
data.aws_ami.ubuntu: Still reading... [26m01s elapsed]
data.aws_ami.ubuntu: Still reading... [26m11s elapsed]
data.aws_s3_bucket.workshop: Still reading... [26m11s elapsed]
data.aws_s3_bucket.workshop: Still reading... [26m21s elapsed]
data.aws_ami.ubuntu: Still reading... [26m21s elapsed]
data.aws_ami.ubuntu: Still reading... [26m31s elapsed]
data.aws_s3_bucket.workshop: Still reading... [26m31s elapsed]
data.aws_s3_bucket.workshop: Still reading... [26m41s elapsed]
data.aws_ami.ubuntu: Still reading... [26m41s elapsed]
data.aws_ami.ubuntu: Still reading... [26m51s elapsed]
data.aws_s3_bucket.workshop: Still reading... [26m51s elapsed]
data.aws_s3_bucket.workshop: Still reading... [27m01s elapsed]
data.aws_ami.ubuntu: Still reading... [27m01s elapsed]
data.aws_ami.ubuntu: Still reading... [27m11s elapsed]
data.aws_s3_bucket.workshop: Still reading... [27m11s elapsed]
data.aws_s3_bucket.workshop: Still reading... [27m21s elapsed]
data.aws_ami.ubuntu: Still reading... [27m21s elapsed]
data.aws_s3_bucket.workshop: Still reading... [27m31s elapsed]
data.aws_ami.ubuntu: Still reading... [27m31s elapsed]
data.aws_ami.ubuntu: Still reading... [27m41s elapsed]
data.aws_s3_bucket.workshop: Still reading... [27m41s elapsed]
data.aws_ami.ubuntu: Still reading... [27m51s elapsed]
data.aws_s3_bucket.workshop: Still reading... [27m51s elapsed]
data.aws_s3_bucket.workshop: Still reading... [28m01s elapsed]
data.aws_ami.ubuntu: Still reading... [28m01s elapsed]
data.aws_ami.ubuntu: Still reading... [28m11s elapsed]
data.aws_s3_bucket.workshop: Still reading... [28m11s elapsed]
data.aws_s3_bucket.workshop: Still reading... [28m21s elapsed]
data.aws_ami.ubuntu: Still reading... [28m21s elapsed]
data.aws_ami.ubuntu: Still reading... [28m31s elapsed]
data.aws_s3_bucket.workshop: Still reading... [28m31s elapsed]
data.aws_s3_bucket.workshop: Still reading... [28m41s elapsed]
data.aws_ami.ubuntu: Still reading... [28m41s elapsed]
data.aws_s3_bucket.workshop: Still reading... [28m51s elapsed]
data.aws_ami.ubuntu: Still reading... [28m51s elapsed]
data.aws_s3_bucket.workshop: Still reading... [29m01s elapsed]
data.aws_ami.ubuntu: Still reading... [29m01s elapsed]
data.aws_ami.ubuntu: Still reading... [29m11s elapsed]
data.aws_s3_bucket.workshop: Still reading... [29m11s elapsed]
data.aws_s3_bucket.workshop: Still reading... [29m21s elapsed]
data.aws_ami.ubuntu: Still reading... [29m21s elapsed]
data.aws_ami.ubuntu: Still reading... [29m31s elapsed]
data.aws_s3_bucket.workshop: Still reading... [29m31s elapsed]
data.aws_ami.ubuntu: Still reading... [29m41s elapsed]
data.aws_s3_bucket.workshop: Still reading... [29m41s elapsed]
data.aws_ami.ubuntu: Still reading... [29m51s elapsed]
data.aws_s3_bucket.workshop: Still reading... [29m51s elapsed]
data.aws_ami.ubuntu: Still reading... [30m01s elapsed]
data.aws_s3_bucket.workshop: Still reading... [30m01s elapsed]
data.aws_ami.ubuntu: Still reading... [30m11s elapsed]
data.aws_s3_bucket.workshop: Still reading... [30m11s elapsed]
data.aws_s3_bucket.workshop: Still reading... [30m21s elapsed]
data.aws_ami.ubuntu: Still reading... [30m21s elapsed]
data.aws_s3_bucket.workshop: Still reading... [30m31s elapsed]
data.aws_ami.ubuntu: Still reading... [30m31s elapsed]
data.aws_ami.ubuntu: Still reading... [30m41s elapsed]
data.aws_s3_bucket.workshop: Still reading... [30m41s elapsed]
data.aws_ami.ubuntu: Still reading... [30m51s elapsed]
data.aws_s3_bucket.workshop: Still reading... [30m51s elapsed]
data.aws_ami.ubuntu: Still reading... [31m01s elapsed]
data.aws_s3_bucket.workshop: Still reading... [31m01s elapsed]
data.aws_s3_bucket.workshop: Still reading... [31m11s elapsed]
data.aws_ami.ubuntu: Still reading... [31m11s elapsed]
data.aws_ami.ubuntu: Still reading... [31m21s elapsed]
data.aws_s3_bucket.workshop: Still reading... [31m21s elapsed]
data.aws_s3_bucket.workshop: Still reading... [31m31s elapsed]
data.aws_ami.ubuntu: Still reading... [31m31s elapsed]
data.aws_s3_bucket.workshop: Still reading... [31m41s elapsed]
data.aws_ami.ubuntu: Still reading... [31m41s elapsed]
data.aws_ami.ubuntu: Still reading... [31m51s elapsed]
data.aws_s3_bucket.workshop: Still reading... [31m51s elapsed]
data.aws_s3_bucket.workshop: Still reading... [32m01s elapsed]
data.aws_ami.ubuntu: Still reading... [32m01s elapsed]
data.aws_s3_bucket.workshop: Still reading... [32m11s elapsed]
data.aws_ami.ubuntu: Still reading... [32m11s elapsed]
data.aws_ami.ubuntu: Still reading... [32m21s elapsed]
data.aws_s3_bucket.workshop: Still reading... [32m21s elapsed]
data.aws_s3_bucket.workshop: Still reading... [32m31s elapsed]
data.aws_ami.ubuntu: Still reading... [32m31s elapsed]
data.aws_ami.ubuntu: Still reading... [32m41s elapsed]
data.aws_s3_bucket.workshop: Still reading... [32m41s elapsed]
data.aws_ami.ubuntu: Still reading... [32m51s elapsed]
data.aws_s3_bucket.workshop: Still reading... [32m51s elapsed]
data.aws_s3_bucket.workshop: Still reading... [33m01s elapsed]
data.aws_ami.ubuntu: Still reading... [33m01s elapsed]
data.aws_ami.ubuntu: Still reading... [33m11s elapsed]
data.aws_s3_bucket.workshop: Still reading... [33m11s elapsed]
data.aws_ami.ubuntu: Still reading... [33m21s elapsed]
data.aws_s3_bucket.workshop: Still reading... [33m21s elapsed]
data.aws_s3_bucket.workshop: Still reading... [33m31s elapsed]
data.aws_ami.ubuntu: Still reading... [33m31s elapsed]
data.aws_s3_bucket.workshop: Still reading... [33m41s elapsed]
data.aws_ami.ubuntu: Still reading... [33m41s elapsed]
data.aws_ami.ubuntu: Still reading... [33m51s elapsed]
data.aws_s3_bucket.workshop: Still reading... [33m51s elapsed]
data.aws_ami.ubuntu: Still reading... [34m01s elapsed]
data.aws_s3_bucket.workshop: Still reading... [34m01s elapsed]
data.aws_s3_bucket.workshop: Still reading... [34m11s elapsed]
data.aws_ami.ubuntu: Still reading... [34m11s elapsed]
data.aws_s3_bucket.workshop: Still reading... [34m21s elapsed]
data.aws_ami.ubuntu: Still reading... [34m21s elapsed]
data.aws_ami.ubuntu: Still reading... [34m31s elapsed]
data.aws_s3_bucket.workshop: Still reading... [34m31s elapsed]
data.aws_s3_bucket.workshop: Still reading... [34m41s elapsed]
data.aws_ami.ubuntu: Still reading... [34m41s elapsed]
data.aws_ami.ubuntu: Still reading... [34m51s elapsed]
data.aws_s3_bucket.workshop: Still reading... [34m51s elapsed]
data.aws_ami.ubuntu: Still reading... [35m01s elapsed]
data.aws_s3_bucket.workshop: Still reading... [35m01s elapsed]
data.aws_ami.ubuntu: Still reading... [35m11s elapsed]
data.aws_s3_bucket.workshop: Still reading... [35m11s elapsed]
data.aws_s3_bucket.workshop: Still reading... [35m21s elapsed]
data.aws_ami.ubuntu: Still reading... [35m21s elapsed]
data.aws_ami.ubuntu: Still reading... [35m31s elapsed]
data.aws_s3_bucket.workshop: Still reading... [35m31s elapsed]
data.aws_s3_bucket.workshop: Still reading... [35m41s elapsed]
data.aws_ami.ubuntu: Still reading... [35m41s elapsed]
data.aws_s3_bucket.workshop: Still reading... [35m51s elapsed]
data.aws_ami.ubuntu: Still reading... [35m51s elapsed]
data.aws_ami.ubuntu: Still reading... [36m01s elapsed]
data.aws_s3_bucket.workshop: Still reading... [36m01s elapsed]
data.aws_s3_bucket.workshop: Still reading... [36m11s elapsed]
data.aws_ami.ubuntu: Still reading... [36m11s elapsed]
data.aws_ami.ubuntu: Still reading... [36m21s elapsed]
data.aws_s3_bucket.workshop: Still reading... [36m21s elapsed]
data.aws_s3_bucket.workshop: Still reading... [36m31s elapsed]
data.aws_ami.ubuntu: Still reading... [36m31s elapsed]
data.aws_ami.ubuntu: Still reading... [36m41s elapsed]
data.aws_s3_bucket.workshop: Still reading... [36m41s elapsed]
data.aws_s3_bucket.workshop: Still reading... [36m51s elapsed]
data.aws_ami.ubuntu: Still reading... [36m51s elapsed]
data.aws_s3_bucket.workshop: Still reading... [37m01s elapsed]
data.aws_ami.ubuntu: Still reading... [37m01s elapsed]
data.aws_s3_bucket.workshop: Still reading... [37m11s elapsed]
data.aws_ami.ubuntu: Still reading... [37m11s elapsed]
data.aws_ami.ubuntu: Still reading... [37m21s elapsed]
data.aws_s3_bucket.workshop: Still reading... [37m21s elapsed]
data.aws_s3_bucket.workshop: Still reading... [37m31s elapsed]
data.aws_ami.ubuntu: Still reading... [37m31s elapsed]
data.aws_ami.ubuntu: Still reading... [37m41s elapsed]
data.aws_s3_bucket.workshop: Still reading... [37m41s elapsed]
data.aws_ami.ubuntu: Still reading... [37m51s elapsed]
data.aws_s3_bucket.workshop: Still reading... [37m51s elapsed]
data.aws_ami.ubuntu: Still reading... [38m01s elapsed]
data.aws_s3_bucket.workshop: Still reading... [38m01s elapsed]
data.aws_ami.ubuntu: Still reading... [38m11s elapsed]
data.aws_s3_bucket.workshop: Still reading... [38m11s elapsed]
data.aws_s3_bucket.workshop: Still reading... [38m21s elapsed]
data.aws_ami.ubuntu: Still reading... [38m21s elapsed]
data.aws_s3_bucket.workshop: Still reading... [38m31s elapsed]
data.aws_ami.ubuntu: Still reading... [38m31s elapsed]
data.aws_s3_bucket.workshop: Still reading... [38m41s elapsed]
data.aws_ami.ubuntu: Still reading... [38m41s elapsed]
data.aws_s3_bucket.workshop: Still reading... [38m51s elapsed]
data.aws_ami.ubuntu: Still reading... [38m51s elapsed]
data.aws_ami.ubuntu: Still reading... [39m01s elapsed]
data.aws_s3_bucket.workshop: Still reading... [39m01s elapsed]
data.aws_ami.ubuntu: Still reading... [39m11s elapsed]
data.aws_s3_bucket.workshop: Still reading... [39m11s elapsed]
data.aws_s3_bucket.workshop: Still reading... [39m21s elapsed]
data.aws_ami.ubuntu: Still reading... [39m21s elapsed]
data.aws_ami.ubuntu: Still reading... [39m31s elapsed]
data.aws_s3_bucket.workshop: Still reading... [39m31s elapsed]
data.aws_ami.ubuntu: Still reading... [39m41s elapsed]
data.aws_s3_bucket.workshop: Still reading... [39m41s elapsed]
data.aws_s3_bucket.workshop: Still reading... [39m51s elapsed]
data.aws_ami.ubuntu: Still reading... [39m51s elapsed]
data.aws_ami.ubuntu: Still reading... [40m01s elapsed]
data.aws_s3_bucket.workshop: Still reading... [40m01s elapsed]
data.aws_ami.ubuntu: Still reading... [40m11s elapsed]
data.aws_s3_bucket.workshop: Still reading... [40m11s elapsed]
data.aws_ami.ubuntu: Still reading... [40m21s elapsed]
data.aws_s3_bucket.workshop: Still reading... [40m21s elapsed]
data.aws_s3_bucket.workshop: Still reading... [40m31s elapsed]
data.aws_ami.ubuntu: Still reading... [40m31s elapsed]
data.aws_s3_bucket.workshop: Still reading... [40m41s elapsed]
data.aws_ami.ubuntu: Still reading... [40m41s elapsed]
data.aws_ami.ubuntu: Still reading... [40m51s elapsed]
data.aws_s3_bucket.workshop: Still reading... [40m51s elapsed]
data.aws_ami.ubuntu: Still reading... [41m01s elapsed]
data.aws_s3_bucket.workshop: Still reading... [41m01s elapsed]
data.aws_ami.ubuntu: Still reading... [41m11s elapsed]
data.aws_s3_bucket.workshop: Still reading... [41m11s elapsed]
data.aws_ami.ubuntu: Still reading... [41m21s elapsed]
data.aws_s3_bucket.workshop: Still reading... [41m21s elapsed]
data.aws_s3_bucket.workshop: Still reading... [41m31s elapsed]
data.aws_ami.ubuntu: Still reading... [41m31s elapsed]
data.aws_ami.ubuntu: Still reading... [41m41s elapsed]
data.aws_s3_bucket.workshop: Still reading... [41m41s elapsed]
data.aws_ami.ubuntu: Still reading... [41m51s elapsed]
data.aws_s3_bucket.workshop: Still reading... [41m51s elapsed]
data.aws_s3_bucket.workshop: Still reading... [42m01s elapsed]
data.aws_ami.ubuntu: Still reading... [42m01s elapsed]
data.aws_s3_bucket.workshop: Still reading... [42m11s elapsed]
data.aws_ami.ubuntu: Still reading... [42m11s elapsed]
data.aws_ami.ubuntu: Still reading... [42m21s elapsed]
data.aws_s3_bucket.workshop: Still reading... [42m21s elapsed]
data.aws_s3_bucket.workshop: Still reading... [42m31s elapsed]
data.aws_ami.ubuntu: Still reading... [42m31s elapsed]
data.aws_ami.ubuntu: Still reading... [42m41s elapsed]
data.aws_s3_bucket.workshop: Still reading... [42m41s elapsed]
data.aws_ami.ubuntu: Still reading... [42m51s elapsed]
data.aws_s3_bucket.workshop: Still reading... [42m51s elapsed]
data.aws_ami.ubuntu: Still reading... [43m01s elapsed]
data.aws_s3_bucket.workshop: Still reading... [43m01s elapsed]
data.aws_s3_bucket.workshop: Still reading... [43m11s elapsed]
data.aws_ami.ubuntu: Still reading... [43m11s elapsed]
data.aws_ami.ubuntu: Still reading... [43m21s elapsed]
data.aws_s3_bucket.workshop: Still reading... [43m21s elapsed]
data.aws_s3_bucket.workshop: Still reading... [43m31s elapsed]
data.aws_ami.ubuntu: Still reading... [43m31s elapsed]
data.aws_ami.ubuntu: Still reading... [43m41s elapsed]
data.aws_s3_bucket.workshop: Still reading... [43m41s elapsed]
data.aws_ami.ubuntu: Still reading... [43m51s elapsed]
data.aws_s3_bucket.workshop: Still reading... [43m51s elapsed]
data.aws_s3_bucket.workshop: Still reading... [44m01s elapsed]
data.aws_ami.ubuntu: Still reading... [44m01s elapsed]
data.aws_ami.ubuntu: Still reading... [44m11s elapsed]
data.aws_s3_bucket.workshop: Still reading... [44m11s elapsed]
data.aws_ami.ubuntu: Still reading... [44m21s elapsed]
data.aws_s3_bucket.workshop: Still reading... [44m21s elapsed]
data.aws_s3_bucket.workshop: Still reading... [44m31s elapsed]
data.aws_ami.ubuntu: Still reading... [44m31s elapsed]
data.aws_ami.ubuntu: Still reading... [44m41s elapsed]
data.aws_s3_bucket.workshop: Still reading... [44m41s elapsed]
data.aws_s3_bucket.workshop: Still reading... [44m51s elapsed]
data.aws_ami.ubuntu: Still reading... [44m51s elapsed]
data.aws_s3_bucket.workshop: Still reading... [45m01s elapsed]
data.aws_ami.ubuntu: Still reading... [45m01s elapsed]
data.aws_ami.ubuntu: Still reading... [45m11s elapsed]
data.aws_s3_bucket.workshop: Still reading... [45m11s elapsed]
data.aws_ami.ubuntu: Still reading... [45m21s elapsed]
data.aws_s3_bucket.workshop: Still reading... [45m21s elapsed]
data.aws_ami.ubuntu: Still reading... [45m31s elapsed]
data.aws_s3_bucket.workshop: Still reading... [45m31s elapsed]
data.aws_s3_bucket.workshop: Still reading... [45m41s elapsed]
data.aws_ami.ubuntu: Still reading... [45m41s elapsed]
data.aws_ami.ubuntu: Still reading... [45m51s elapsed]
data.aws_s3_bucket.workshop: Still reading... [45m51s elapsed]
data.aws_ami.ubuntu: Still reading... [46m01s elapsed]
data.aws_s3_bucket.workshop: Still reading... [46m01s elapsed]
data.aws_ami.ubuntu: Still reading... [46m11s elapsed]
data.aws_s3_bucket.workshop: Still reading... [46m11s elapsed]
data.aws_s3_bucket.workshop: Still reading... [46m21s elapsed]
data.aws_ami.ubuntu: Still reading... [46m21s elapsed]
data.aws_s3_bucket.workshop: Still reading... [46m31s elapsed]
data.aws_ami.ubuntu: Still reading... [46m31s elapsed]
data.aws_ami.ubuntu: Still reading... [46m41s elapsed]
data.aws_s3_bucket.workshop: Still reading... [46m41s elapsed]
data.aws_s3_bucket.workshop: Still reading... [46m51s elapsed]
data.aws_ami.ubuntu: Still reading... [46m51s elapsed]
data.aws_ami.ubuntu: Still reading... [47m01s elapsed]
data.aws_s3_bucket.workshop: Still reading... [47m01s elapsed]
data.aws_s3_bucket.workshop: Still reading... [47m11s elapsed]
data.aws_ami.ubuntu: Still reading... [47m11s elapsed]
data.aws_ami.ubuntu: Still reading... [47m21s elapsed]
data.aws_s3_bucket.workshop: Still reading... [47m21s elapsed]
data.aws_s3_bucket.workshop: Still reading... [47m31s elapsed]
data.aws_ami.ubuntu: Still reading... [47m31s elapsed]
data.aws_ami.ubuntu: Still reading... [47m41s elapsed]
data.aws_s3_bucket.workshop: Still reading... [47m41s elapsed]
data.aws_ami.ubuntu: Still reading... [47m51s elapsed]
data.aws_s3_bucket.workshop: Still reading... [47m51s elapsed]
data.aws_ami.ubuntu: Still reading... [48m01s elapsed]
data.aws_s3_bucket.workshop: Still reading... [48m01s elapsed]
data.aws_ami.ubuntu: Still reading... [48m11s elapsed]
data.aws_s3_bucket.workshop: Still reading... [48m11s elapsed]
data.aws_ami.ubuntu: Still reading... [48m21s elapsed]
data.aws_s3_bucket.workshop: Still reading... [48m21s elapsed]
data.aws_s3_bucket.workshop: Still reading... [48m31s elapsed]
data.aws_ami.ubuntu: Still reading... [48m31s elapsed]
data.aws_ami.ubuntu: Still reading... [48m41s elapsed]
data.aws_s3_bucket.workshop: Still reading... [48m41s elapsed]
data.aws_s3_bucket.workshop: Still reading... [48m51s elapsed]
data.aws_ami.ubuntu: Still reading... [48m51s elapsed]
data.aws_s3_bucket.workshop: Still reading... [49m01s elapsed]
data.aws_ami.ubuntu: Still reading... [49m01s elapsed]
data.aws_ami.ubuntu: Still reading... [49m11s elapsed]
data.aws_s3_bucket.workshop: Still reading... [49m11s elapsed]
data.aws_s3_bucket.workshop: Still reading... [49m21s elapsed]
data.aws_ami.ubuntu: Still reading... [49m21s elapsed]
data.aws_s3_bucket.workshop: Still reading... [49m31s elapsed]
data.aws_ami.ubuntu: Still reading... [49m31s elapsed]
data.aws_ami.ubuntu: Still reading... [49m41s elapsed]
data.aws_s3_bucket.workshop: Still reading... [49m41s elapsed]
data.aws_s3_bucket.workshop: Still reading... [49m51s elapsed]
data.aws_ami.ubuntu: Still reading... [49m51s elapsed]
data.aws_s3_bucket.workshop: Still reading... [50m01s elapsed]
data.aws_ami.ubuntu: Still reading... [50m01s elapsed]
data.aws_ami.ubuntu: Still reading... [50m11s elapsed]
data.aws_s3_bucket.workshop: Still reading... [50m11s elapsed]
data.aws_s3_bucket.workshop: Still reading... [50m21s elapsed]
data.aws_ami.ubuntu: Still reading... [50m21s elapsed]

Terraform used the selected providers to generate the following execution
plan. Resource actions are indicated with the following symbols:
  + create

Terraform planned the following actions, but then encountered a problem:

  # aws_cloudwatch_log_group.ec2 will be created
  + resource "aws_cloudwatch_log_group" "ec2" {
      + arn                         = (known after apply)
      + deletion_protection_enabled = (known after apply)
      + id                          = (known after apply)
      + log_group_class             = (known after apply)
      + name                        = "/aws/ec2/workshop"
      + name_prefix                 = (known after apply)
      + region                      = "us-east-1"
      + retention_in_days           = 7
      + skip_destroy                = false
      + tags                        = {
          + "Name" = "workshop-ec2-log-group"
        }
      + tags_all                    = {
          + "Name" = "workshop-ec2-log-group"
        }
    }

  # aws_eip.nat will be created
  + resource "aws_eip" "nat" {
      + allocation_id        = (known after apply)
      + arn                  = (known after apply)
      + association_id       = (known after apply)
      + carrier_ip           = (known after apply)
      + customer_owned_ip    = (known after apply)
      + domain               = "vpc"
      + id                   = (known after apply)
      + instance             = (known after apply)
      + ipam_pool_id         = (known after apply)
      + network_border_group = (known after apply)
      + network_interface    = (known after apply)
      + private_dns          = (known after apply)
      + private_ip           = (known after apply)
      + ptr_record           = (known after apply)
      + public_dns           = (known after apply)
      + public_ip            = (known after apply)
      + public_ipv4_pool     = (known after apply)
      + region               = "us-east-1"
      + tags_all             = (known after apply)
    }

  # aws_iam_instance_profile.ec2 will be created
  + resource "aws_iam_instance_profile" "ec2" {
      + arn         = (known after apply)
      + create_date = (known after apply)
      + id          = (known after apply)
      + name        = "workshop-ec2-instance-profile"
      + name_prefix = (known after apply)
      + path        = "/"
      + role        = "workshop-ec2-role"
      + tags_all    = (known after apply)
      + unique_id   = (known after apply)
    }

  # aws_iam_role.ec2 will be created
  + resource "aws_iam_role" "ec2" {
      + arn                   = (known after apply)
      + assume_role_policy    = jsonencode(
            {
              + Statement = [
                  + {
                      + Action    = "sts:AssumeRole"
                      + Effect    = "Allow"
                      + Principal = {
                          + Service = "ec2.amazonaws.com"
                        }
                    },
                ]
              + Version   = "2012-10-17"
            }
        )
      + create_date           = (known after apply)
      + force_detach_policies = false
      + id                    = (known after apply)
      + managed_policy_arns   = (known after apply)
      + max_session_duration  = 3600
      + name                  = "workshop-ec2-role"
      + name_prefix           = (known after apply)
      + path                  = "/"
      + tags_all              = (known after apply)
      + unique_id             = (known after apply)

      + inline_policy (known after apply)
    }

  # aws_iam_role_policy.ec2_s3_access will be created
  + resource "aws_iam_role_policy" "ec2_s3_access" {
      + id          = (known after apply)
      + name        = "workshop-ec2-s3-access"
      + name_prefix = (known after apply)
      + policy      = jsonencode(
            {
              + Statement = [
                  + {
                      + Action   = [
                          + "s3:PutObject",
                          + "s3:ListBucket",
                          + "s3:GetObject",
                        ]
                      + Effect   = "Allow"
                      + Resource = [
                          + "arn:aws:s3:::s3-bucket-workshop-1001-pyday/*",
                          + "arn:aws:s3:::s3-bucket-workshop-1001-pyday",
                        ]
                    },
                ]
              + Version   = "2012-10-17"
            }
        )
      + role        = (known after apply)
    }

  # aws_iam_user.user1001 will be created
  + resource "aws_iam_user" "user1001" {
      + arn           = (known after apply)
      + force_destroy = true
      + id            = (known after apply)
      + name          = "user1001"
      + path          = "/"
      + tags_all      = (known after apply)
      + unique_id     = (known after apply)
    }

  # aws_iam_user_policy.user1001_s3_access will be created
  + resource "aws_iam_user_policy" "user1001_s3_access" {
      + id          = (known after apply)
      + name        = "user1001-s3-access"
      + name_prefix = (known after apply)
      + policy      = jsonencode(
            {
              + Statement = [
                  + {
                      + Action   = [
                          + "s3:PutObject",
                          + "s3:ListBucket",
                          + "s3:GetObject",
                        ]
                      + Effect   = "Allow"
                      + Resource = [
                          + "arn:aws:s3:::s3-bucket-workshop-1001-pyday/*",
                          + "arn:aws:s3:::s3-bucket-workshop-1001-pyday",
                        ]
                    },
                ]
              + Version   = "2012-10-17"
            }
        )
      + user        = "user1001"
    }

  # aws_internet_gateway.main will be created
  + resource "aws_internet_gateway" "main" {
      + arn      = (known after apply)
      + id       = (known after apply)
      + owner_id = (known after apply)
      + region   = "us-east-1"
      + tags     = {
          + "Name" = "workshop-igw"
        }
      + tags_all = {
          + "Name" = "workshop-igw"
        }
      + vpc_id   = (known after apply)
    }

  # aws_nat_gateway.main will be created
  + resource "aws_nat_gateway" "main" {
      + allocation_id                      = (known after apply)
      + association_id                     = (known after apply)
      + auto_provision_zones               = (known after apply)
      + auto_scaling_ips                   = (known after apply)
      + availability_mode                  = (known after apply)
      + connectivity_type                  = "public"
      + id                                 = (known after apply)
      + network_interface_id               = (known after apply)
      + private_ip                         = (known after apply)
      + public_ip                          = (known after apply)
      + region                             = "us-east-1"
      + regional_nat_gateway_address       = (known after apply)
      + regional_nat_gateway_auto_mode     = (known after apply)
      + route_table_id                     = (known after apply)
      + secondary_allocation_ids           = (known after apply)
      + secondary_private_ip_address_count = (known after apply)
      + secondary_private_ip_addresses     = (known after apply)
      + subnet_id                          = (known after apply)
      + tags                               = {
          + "Name" = "workshop-nat-gw"
        }
      + tags_all                           = {
          + "Name" = "workshop-nat-gw"
        }
      + vpc_id                             = (known after apply)
    }

  # aws_route.private_nat_gateway will be created
  + resource "aws_route" "private_nat_gateway" {
      + destination_cidr_block = "0.0.0.0/0"
      + id                     = (known after apply)
      + instance_id            = (known after apply)
      + instance_owner_id      = (known after apply)
      + nat_gateway_id         = (known after apply)
      + network_interface_id   = (known after apply)
      + origin                 = (known after apply)
      + region                 = "us-east-1"
      + route_table_id         = (known after apply)
      + state                  = (known after apply)
    }

  # aws_route.public_internet_access will be created
  + resource "aws_route" "public_internet_access" {
      + destination_cidr_block = "0.0.0.0/0"
      + gateway_id             = (known after apply)
      + id                     = (known after apply)
      + instance_id            = (known after apply)
      + instance_owner_id      = (known after apply)
      + network_interface_id   = (known after apply)
      + origin                 = (known after apply)
      + region                 = "us-east-1"
      + route_table_id         = (known after apply)
      + state                  = (known after apply)
    }

  # aws_route_table.private will be created
  + resource "aws_route_table" "private" {
      + arn              = (known after apply)
      + id               = (known after apply)
      + owner_id         = (known after apply)
      + propagating_vgws = (known after apply)
      + region           = "us-east-1"
      + route            = (known after apply)
      + tags             = {
          + "Name" = "workshop-private-rt"
        }
      + tags_all         = {
          + "Name" = "workshop-private-rt"
        }
      + vpc_id           = (known after apply)
    }

  # aws_route_table.public will be created
  + resource "aws_route_table" "public" {
      + arn              = (known after apply)
      + id               = (known after apply)
      + owner_id         = (known after apply)
      + propagating_vgws = (known after apply)
      + region           = "us-east-1"
      + route            = (known after apply)
      + tags             = {
          + "Name" = "workshop-public-rt"
        }
      + tags_all         = {
          + "Name" = "workshop-public-rt"
        }
      + vpc_id           = (known after apply)
    }

  # aws_route_table_association.private will be created
  + resource "aws_route_table_association" "private" {
      + id             = (known after apply)
      + region         = "us-east-1"
      + route_table_id = (known after apply)
      + subnet_id      = (known after apply)
    }

  # aws_route_table_association.public will be created
  + resource "aws_route_table_association" "public" {
      + id             = (known after apply)
      + region         = "us-east-1"
      + route_table_id = (known after apply)
      + subnet_id      = (known after apply)
    }

  # aws_security_group.ec2 will be created
  + resource "aws_security_group" "ec2" {
      + arn                    = (known after apply)
      + description            = "Allow SSH and outbound internet access"
      + egress                 = [
          + {
              + cidr_blocks      = [
                  + "0.0.0.0/0",
                ]
              + from_port        = 0
              + ipv6_cidr_blocks = []
              + prefix_list_ids  = []
              + protocol         = "-1"
              + security_groups  = []
              + self             = false
              + to_port          = 0
                # (1 unchanged attribute hidden)
            },
        ]
      + id                     = (known after apply)
      + ingress                = [
          + {
              + cidr_blocks      = [
                  + "0.0.0.0/0",
                ]
              + description      = "SSH from trusted IP"
              + from_port        = 22
              + ipv6_cidr_blocks = []
              + prefix_list_ids  = []
              + protocol         = "tcp"
              + security_groups  = []
              + self             = false
              + to_port          = 22
            },
        ]
      + name                   = "workshop-ec2-sg"
      + name_prefix            = (known after apply)
      + owner_id               = (known after apply)
      + region                 = "us-east-1"
      + revoke_rules_on_delete = false
      + tags                   = {
          + "Name" = "workshop-ec2-sg"
        }
      + tags_all               = {
          + "Name" = "workshop-ec2-sg"
        }
      + vpc_id                 = (known after apply)
    }

  # aws_subnet.private will be created
  + resource "aws_subnet" "private" {
      + arn                                            = (known after apply)
      + assign_ipv6_address_on_creation                = false
      + availability_zone                              = "us-east-1a"
      + availability_zone_id                           = (known after apply)
      + cidr_block                                     = "10.0.2.0/24"
      + enable_dns64                                   = false
      + enable_resource_name_dns_a_record_on_launch    = false
      + enable_resource_name_dns_aaaa_record_on_launch = false
      + id                                             = (known after apply)
      + ipv6_cidr_block_association_id                 = (known after apply)
      + ipv6_native                                    = false
      + map_public_ip_on_launch                        = false
      + owner_id                                       = (known after apply)
      + private_dns_hostname_type_on_launch            = (known after apply)
      + region                                         = "us-east-1"
      + tags                                           = {
          + "Name" = "workshop-private-subnet"
        }
      + tags_all                                       = {
          + "Name" = "workshop-private-subnet"
        }
      + vpc_id                                         = (known after apply)
    }

  # aws_subnet.public will be created
  + resource "aws_subnet" "public" {
      + arn                                            = (known after apply)
      + assign_ipv6_address_on_creation                = false
      + availability_zone                              = "us-east-1a"
      + availability_zone_id                           = (known after apply)
      + cidr_block                                     = "10.0.1.0/24"
      + enable_dns64                                   = false
      + enable_resource_name_dns_a_record_on_launch    = false
      + enable_resource_name_dns_aaaa_record_on_launch = false
      + id                                             = (known after apply)
      + ipv6_cidr_block_association_id                 = (known after apply)
      + ipv6_native                                    = false
      + map_public_ip_on_launch                        = true
      + owner_id                                       = (known after apply)
      + private_dns_hostname_type_on_launch            = (known after apply)
      + region                                         = "us-east-1"
      + tags                                           = {
          + "Name" = "workshop-public-subnet"
        }
      + tags_all                                       = {
          + "Name" = "workshop-public-subnet"
        }
      + vpc_id                                         = (known after apply)
    }

  # aws_vpc.main will be created
  + resource "aws_vpc" "main" {
      + arn                                  = (known after apply)
      + cidr_block                           = "10.0.0.0/16"
      + default_network_acl_id               = (known after apply)
      + default_route_table_id               = (known after apply)
      + default_security_group_id            = (known after apply)
      + dhcp_options_id                      = (known after apply)
      + enable_dns_hostnames                 = true
      + enable_dns_support                   = true
      + enable_network_address_usage_metrics = (known after apply)
      + id                                   = (known after apply)
      + instance_tenancy                     = "default"
      + ipv6_association_id                  = (known after apply)
      + ipv6_cidr_block                      = (known after apply)
      + ipv6_cidr_block_network_border_group = (known after apply)
      + main_route_table_id                  = (known after apply)
      + owner_id                             = (known after apply)
      + region                               = "us-east-1"
      + tags                                 = {
          + "Name" = "workshop-vpc"
        }
      + tags_all                             = {
          + "Name" = "workshop-vpc"
        }
    }

Plan: 19 to add, 0 to change, 0 to destroy.

Changes to Outputs:
  + iam_user_name     = "user1001"
  + private_subnet_id = (known after apply)
  + public_subnet_id  = (known after apply)
  + vpc_id            = (known after apply)
