data.aws_ami.ubuntu: Reading...
data.aws_iam_policy_document.ec2_assume_role_policy: Reading...
data.aws_iam_policy_document.ec2_assume_role_policy: Read complete after 0s [id=2851119427]
data.aws_ami.ubuntu: Still reading... [00m10s elapsed]

Terraform used the selected providers to generate the following execution
plan. Resource actions are indicated with the following symbols:
  + create

Terraform planned the following actions, but then encountered a problem:

  # aws_eip.nat[0] will be created
  + resource "aws_eip" "nat" {
      + allocation_id        = (known after apply)
      + arn                  = (known after apply)
      + association_id       = (known after apply)
      + carrier_ip           = (known after apply)
      + customer_owned_ip    = (known after apply)
      + domain               = "vpc"
      + id                   = (known after apply)
      + instance             = (known after apply)
      + ipam_pool_id         = (known after apply)
      + network_border_group = (known after apply)
      + network_interface    = (known after apply)
      + private_dns          = (known after apply)
      + private_ip           = (known after apply)
      + ptr_record           = (known after apply)
      + public_dns           = (known after apply)
      + public_ip            = (known after apply)
      + public_ipv4_pool     = (known after apply)
      + region               = "us-east-1"
      + tags_all             = (known after apply)
    }

  # aws_eip.nat[1] will be created
  + resource "aws_eip" "nat" {
      + allocation_id        = (known after apply)
      + arn                  = (known after apply)
      + association_id       = (known after apply)
      + carrier_ip           = (known after apply)
      + customer_owned_ip    = (known after apply)
      + domain               = "vpc"
      + id                   = (known after apply)
      + instance             = (known after apply)
      + ipam_pool_id         = (known after apply)
      + network_border_group = (known after apply)
      + network_interface    = (known after apply)
      + private_dns          = (known after apply)
      + private_ip           = (known after apply)
      + ptr_record           = (known after apply)
      + public_dns           = (known after apply)
      + public_ip            = (known after apply)
      + public_ipv4_pool     = (known after apply)
      + region               = "us-east-1"
      + tags_all             = (known after apply)
    }

  # aws_elasticache_replication_group.redis will be created
  + resource "aws_elasticache_replication_group" "redis" {
      + apply_immediately              = (known after apply)
      + arn                            = (known after apply)
      + at_rest_encryption_enabled     = "true"
      + auto_minor_version_upgrade     = (known after apply)
      + automatic_failover_enabled     = false
      + cluster_enabled                = (known after apply)
      + cluster_mode                   = (known after apply)
      + configuration_endpoint_address = (known after apply)
      + data_tiering_enabled           = (known after apply)
      + description                    = "Redis cluster for Nomad jobs"
      + engine                         = "redis"
      + engine_version                 = "7.0"
      + engine_version_actual          = (known after apply)
      + global_replication_group_id    = (known after apply)
      + id                             = (known after apply)
      + ip_discovery                   = (known after apply)
      + maintenance_window             = (known after apply)
      + member_clusters                = (known after apply)
      + multi_az_enabled               = false
      + network_type                   = (known after apply)
      + node_type                      = "cache.t3.micro"
      + num_cache_clusters             = 1
      + num_node_groups                = (known after apply)
      + parameter_group_name           = "default.redis7"
      + port                           = 6379
      + primary_endpoint_address       = (known after apply)
      + reader_endpoint_address        = (known after apply)
      + region                         = "us-east-1"
      + replicas_per_node_group        = (known after apply)
      + replication_group_id           = "nomad-redis"
      + security_group_ids             = (known after apply)
      + security_group_names           = (known after apply)
      + snapshot_window                = (known after apply)
      + subnet_group_name              = "redis-subnet-group"
      + tags                           = {
          + "Name" = "nomad-redis"
        }
      + tags_all                       = {
          + "Name" = "nomad-redis"
        }
      + transit_encryption_enabled     = true
      + transit_encryption_mode        = (known after apply)

      + node_group_configuration (known after apply)
    }

  # aws_elasticache_subnet_group.redis will be created
  + resource "aws_elasticache_subnet_group" "redis" {
      + arn         = (known after apply)
      + description = "Managed by Terraform"
      + id          = (known after apply)
      + name        = "redis-subnet-group"
      + region      = "us-east-1"
      + subnet_ids  = (known after apply)
      + tags_all    = (known after apply)
      + vpc_id      = (known after apply)
    }

  # aws_iam_instance_profile.ec2_instance_profile will be created
  + resource "aws_iam_instance_profile" "ec2_instance_profile" {
      + arn         = (known after apply)
      + create_date = (known after apply)
      + id          = (known after apply)
      + name        = "ec2-instance-profile"
      + name_prefix = (known after apply)
      + path        = "/"
      + role        = "ec2-instance-role"
      + tags_all    = (known after apply)
      + unique_id   = (known after apply)
    }

  # aws_iam_role.ec2_instance_role will be created
  + resource "aws_iam_role" "ec2_instance_role" {
      + arn                   = (known after apply)
      + assume_role_policy    = jsonencode(
            {
              + Statement = [
                  + {
                      + Action    = "sts:AssumeRole"
                      + Effect    = "Allow"
                      + Principal = {
                          + Service = "ec2.amazonaws.com"
                        }
                    },
                ]
              + Version   = "2012-10-17"
            }
        )
      + create_date           = (known after apply)
      + force_detach_policies = false
      + id                    = (known after apply)
      + managed_policy_arns   = (known after apply)
      + max_session_duration  = 3600
      + name                  = "ec2-instance-role"
      + name_prefix           = (known after apply)
      + path                  = "/"
      + tags_all              = (known after apply)
      + unique_id             = (known after apply)

      + inline_policy (known after apply)
    }

  # aws_iam_role_policy_attachment.ec2_cloudwatch will be created
  + resource "aws_iam_role_policy_attachment" "ec2_cloudwatch" {
      + id         = (known after apply)
      + policy_arn = "arn:aws:iam::aws:policy/CloudWatchAgentServerPolicy"
      + role       = "ec2-instance-role"
    }

  # aws_iam_role_policy_attachment.ec2_ssm will be created
  + resource "aws_iam_role_policy_attachment" "ec2_ssm" {
      + id         = (known after apply)
      + policy_arn = "arn:aws:iam::aws:policy/AmazonSSMManagedInstanceCore"
      + role       = "ec2-instance-role"
    }

  # aws_internet_gateway.gw will be created
  + resource "aws_internet_gateway" "gw" {
      + arn      = (known after apply)
      + id       = (known after apply)
      + owner_id = (known after apply)
      + region   = "us-east-1"
      + tags     = {
          + "Name" = "main-igw"
        }
      + tags_all = {
          + "Name" = "main-igw"
        }
      + vpc_id   = (known after apply)
    }

  # aws_nat_gateway.nat[0] will be created
  + resource "aws_nat_gateway" "nat" {
      + allocation_id                      = (known after apply)
      + association_id                     = (known after apply)
      + auto_provision_zones               = (known after apply)
      + auto_scaling_ips                   = (known after apply)
      + availability_mode                  = (known after apply)
      + connectivity_type                  = "public"
      + id                                 = (known after apply)
      + network_interface_id               = (known after apply)
      + private_ip                         = (known after apply)
      + public_ip                          = (known after apply)
      + region                             = "us-east-1"
      + regional_nat_gateway_address       = (known after apply)
      + regional_nat_gateway_auto_mode     = (known after apply)
      + route_table_id                     = (known after apply)
      + secondary_allocation_ids           = (known after apply)
      + secondary_private_ip_address_count = (known after apply)
      + secondary_private_ip_addresses     = (known after apply)
      + subnet_id                          = (known after apply)
      + tags                               = {
          + "Name" = "nat-gateway-1"
        }
      + tags_all                           = {
          + "Name" = "nat-gateway-1"
        }
      + vpc_id                             = (known after apply)
    }

  # aws_nat_gateway.nat[1] will be created
  + resource "aws_nat_gateway" "nat" {
      + allocation_id                      = (known after apply)
      + association_id                     = (known after apply)
      + auto_provision_zones               = (known after apply)
      + auto_scaling_ips                   = (known after apply)
      + availability_mode                  = (known after apply)
      + connectivity_type                  = "public"
      + id                                 = (known after apply)
      + network_interface_id               = (known after apply)
      + private_ip                         = (known after apply)
      + public_ip                          = (known after apply)
      + region                             = "us-east-1"
      + regional_nat_gateway_address       = (known after apply)
      + regional_nat_gateway_auto_mode     = (known after apply)
      + route_table_id                     = (known after apply)
      + secondary_allocation_ids           = (known after apply)
      + secondary_private_ip_address_count = (known after apply)
      + secondary_private_ip_addresses     = (known after apply)
      + subnet_id                          = (known after apply)
      + tags                               = {
          + "Name" = "nat-gateway-2"
        }
      + tags_all                           = {
          + "Name" = "nat-gateway-2"
        }
      + vpc_id                             = (known after apply)
    }

  # aws_route.private_nat_gateway[0] will be created
  + resource "aws_route" "private_nat_gateway" {
      + destination_cidr_block = "0.0.0.0/0"
      + id                     = (known after apply)
      + instance_id            = (known after apply)
      + instance_owner_id      = (known after apply)
      + nat_gateway_id         = (known after apply)
      + network_interface_id   = (known after apply)
      + origin                 = (known after apply)
      + region                 = "us-east-1"
      + route_table_id         = (known after apply)
      + state                  = (known after apply)
    }

  # aws_route.private_nat_gateway[1] will be created
  + resource "aws_route" "private_nat_gateway" {
      + destination_cidr_block = "0.0.0.0/0"
      + id                     = (known after apply)
      + instance_id            = (known after apply)
      + instance_owner_id      = (known after apply)
      + nat_gateway_id         = (known after apply)
      + network_interface_id   = (known after apply)
      + origin                 = (known after apply)
      + region                 = "us-east-1"
      + route_table_id         = (known after apply)
      + state                  = (known after apply)
    }

  # aws_route.public_internet_access will be created
  + resource "aws_route" "public_internet_access" {
      + destination_cidr_block = "0.0.0.0/0"
      + gateway_id             = (known after apply)
      + id                     = (known after apply)
      + instance_id            = (known after apply)
      + instance_owner_id      = (known after apply)
      + network_interface_id   = (known after apply)
      + origin                 = (known after apply)
      + region                 = "us-east-1"
      + route_table_id         = (known after apply)
      + state                  = (known after apply)
    }

  # aws_route_table.private will be created
  + resource "aws_route_table" "private" {
      + arn              = (known after apply)
      + id               = (known after apply)
      + owner_id         = (known after apply)
      + propagating_vgws = (known after apply)
      + region           = "us-east-1"
      + route            = (known after apply)
      + tags             = {
          + "Name" = "private-rt"
        }
      + tags_all         = {
          + "Name" = "private-rt"
        }
      + vpc_id           = (known after apply)
    }

  # aws_route_table.public will be created
  + resource "aws_route_table" "public" {
      + arn              = (known after apply)
      + id               = (known after apply)
      + owner_id         = (known after apply)
      + propagating_vgws = (known after apply)
      + region           = "us-east-1"
      + route            = (known after apply)
      + tags             = {
          + "Name" = "public-rt"
        }
      + tags_all         = {
          + "Name" = "public-rt"
        }
      + vpc_id           = (known after apply)
    }

  # aws_route_table_association.private[0] will be created
  + resource "aws_route_table_association" "private" {
      + id             = (known after apply)
      + region         = "us-east-1"
      + route_table_id = (known after apply)
      + subnet_id      = (known after apply)
    }

  # aws_route_table_association.private[1] will be created
  + resource "aws_route_table_association" "private" {
      + id             = (known after apply)
      + region         = "us-east-1"
      + route_table_id = (known after apply)
      + subnet_id      = (known after apply)
    }

  # aws_route_table_association.public[0] will be created
  + resource "aws_route_table_association" "public" {
      + id             = (known after apply)
      + region         = "us-east-1"
      + route_table_id = (known after apply)
      + subnet_id      = (known after apply)
    }

  # aws_route_table_association.public[1] will be created
  + resource "aws_route_table_association" "public" {
      + id             = (known after apply)
      + region         = "us-east-1"
      + route_table_id = (known after apply)
      + subnet_id      = (known after apply)
    }

  # aws_security_group.ansible_controller will be created
  + resource "aws_security_group" "ansible_controller" {
      + arn                    = (known after apply)
      + description            = "Allow SSH and VPN access to Ansible controller"
      + egress                 = [
          + {
              + cidr_blocks      = [
                  + "0.0.0.0/0",
                ]
              + from_port        = 0
              + ipv6_cidr_blocks = []
              + prefix_list_ids  = []
              + protocol         = "-1"
              + security_groups  = []
              + self             = false
              + to_port          = 0
                # (1 unchanged attribute hidden)
            },
        ]
      + id                     = (known after apply)
      + ingress                = [
          + {
              + cidr_blocks      = [
                  + "0.0.0.0/0",
                ]
              + description      = "SSH"
              + from_port        = 22
              + ipv6_cidr_blocks = []
              + prefix_list_ids  = []
              + protocol         = "tcp"
              + security_groups  = []
              + self             = false
              + to_port          = 22
            },
          + {
              + cidr_blocks      = [
                  + "0.0.0.0/0",
                ]
              + description      = "Tailscale"
              + from_port        = 41641
              + ipv6_cidr_blocks = []
              + prefix_list_ids  = []
              + protocol         = "udp"
              + security_groups  = []
              + self             = false
              + to_port          = 41641
            },
        ]
      + name                   = "ansible-controller-sg"
      + name_prefix            = (known after apply)
      + owner_id               = (known after apply)
      + region                 = "us-east-1"
      + revoke_rules_on_delete = false
      + tags                   = {
          + "Name" = "ansible-controller-sg"
        }
      + tags_all               = {
          + "Name" = "ansible-controller-sg"
        }
      + vpc_id                 = (known after apply)
    }

  # aws_security_group.nomad will be created
  + resource "aws_security_group" "nomad" {
      + arn                    = (known after apply)
      + description            = "Allow Nomad/Consul/Redis/WebApp communication"
      + egress                 = [
          + {
              + cidr_blocks      = [
                  + "0.0.0.0/0",
                ]
              + from_port        = 0
              + ipv6_cidr_blocks = []
              + prefix_list_ids  = []
              + protocol         = "-1"
              + security_groups  = []
              + self             = false
              + to_port          = 0
                # (1 unchanged attribute hidden)
            },
        ]
      + id                     = (known after apply)
      + ingress                = [
          + {
              + cidr_blocks      = [
                  + "0.0.0.0/0",
                ]
              + description      = "Tailscale"
              + from_port        = 41641
              + ipv6_cidr_blocks = []
              + prefix_list_ids  = []
              + protocol         = "udp"
              + security_groups  = []
              + self             = false
              + to_port          = 41641
            },
          + {
              + cidr_blocks      = [
                  + "10.0.0.0/16",
                ]
              + description      = "Consul"
              + from_port        = 8500
              + ipv6_cidr_blocks = []
              + prefix_list_ids  = []
              + protocol         = "tcp"
              + security_groups  = []
              + self             = false
              + to_port          = 8500
            },
          + {
              + cidr_blocks      = [
                  + "10.0.0.0/16",
                ]
              + description      = "Nomad RPC"
              + from_port        = 4647
              + ipv6_cidr_blocks = []
              + prefix_list_ids  = []
              + protocol         = "tcp"
              + security_groups  = []
              + self             = false
              + to_port          = 4648
            },
          + {
              + cidr_blocks      = [
                  + "10.0.0.0/16",
                ]
              + description      = "Redis"
              + from_port        = 6379
              + ipv6_cidr_blocks = []
              + prefix_list_ids  = []
              + protocol         = "tcp"
              + security_groups  = []
              + self             = false
              + to_port          = 6379
            },
          + {
              + cidr_blocks      = [
                  + "10.0.0.0/16",
                ]
              + description      = "WebApp"
              + from_port        = 8080
              + ipv6_cidr_blocks = []
              + prefix_list_ids  = []
              + protocol         = "tcp"
              + security_groups  = []
              + self             = false
              + to_port          = 8080
            },
        ]
      + name                   = "nomad-sg"
      + name_prefix            = (known after apply)
      + owner_id               = (known after apply)
      + region                 = "us-east-1"
      + revoke_rules_on_delete = false
      + tags                   = {
          + "Name" = "nomad-sg"
        }
      + tags_all               = {
          + "Name" = "nomad-sg"
        }
      + vpc_id                 = (known after apply)
    }

  # aws_subnet.private[0] will be created
  + resource "aws_subnet" "private" {
      + arn                                            = (known after apply)
      + assign_ipv6_address_on_creation                = false
      + availability_zone                              = "us-east-1a"
      + availability_zone_id                           = (known after apply)
      + cidr_block                                     = "10.0.11.0/24"
      + enable_dns64                                   = false
      + enable_resource_name_dns_a_record_on_launch    = false
      + enable_resource_name_dns_aaaa_record_on_launch = false
      + id                                             = (known after apply)
      + ipv6_cidr_block_association_id                 = (known after apply)
      + ipv6_native                                    = false
      + map_public_ip_on_launch                        = false
      + owner_id                                       = (known after apply)
      + private_dns_hostname_type_on_launch            = (known after apply)
      + region                                         = "us-east-1"
      + tags                                           = {
          + "Name" = "private-subnet-1"
        }
      + tags_all                                       = {
          + "Name" = "private-subnet-1"
        }
      + vpc_id                                         = (known after apply)
    }

  # aws_subnet.private[1] will be created
  + resource "aws_subnet" "private" {
      + arn                                            = (known after apply)
      + assign_ipv6_address_on_creation                = false
      + availability_zone                              = "us-east-1b"
      + availability_zone_id                           = (known after apply)
      + cidr_block                                     = "10.0.12.0/24"
      + enable_dns64                                   = false
      + enable_resource_name_dns_a_record_on_launch    = false
      + enable_resource_name_dns_aaaa_record_on_launch = false
      + id                                             = (known after apply)
      + ipv6_cidr_block_association_id                 = (known after apply)
      + ipv6_native                                    = false
      + map_public_ip_on_launch                        = false
      + owner_id                                       = (known after apply)
      + private_dns_hostname_type_on_launch            = (known after apply)
      + region                                         = "us-east-1"
      + tags                                           = {
          + "Name" = "private-subnet-2"
        }
      + tags_all                                       = {
          + "Name" = "private-subnet-2"
        }
      + vpc_id                                         = (known after apply)
    }

  # aws_subnet.public[0] will be created
  + resource "aws_subnet" "public" {
      + arn                                            = (known after apply)
      + assign_ipv6_address_on_creation                = false
      + availability_zone                              = "us-east-1a"
      + availability_zone_id                           = (known after apply)
      + cidr_block                                     = "10.0.1.0/24"
      + enable_dns64                                   = false
      + enable_resource_name_dns_a_record_on_launch    = false
      + enable_resource_name_dns_aaaa_record_on_launch = false
      + id                                             = (known after apply)
      + ipv6_cidr_block_association_id                 = (known after apply)
      + ipv6_native                                    = false
      + map_public_ip_on_launch                        = true
      + owner_id                                       = (known after apply)
      + private_dns_hostname_type_on_launch            = (known after apply)
      + region                                         = "us-east-1"
      + tags                                           = {
          + "Name" = "public-subnet-1"
        }
      + tags_all                                       = {
          + "Name" = "public-subnet-1"
        }
      + vpc_id                                         = (known after apply)
    }

  # aws_subnet.public[1] will be created
  + resource "aws_subnet" "public" {
      + arn                                            = (known after apply)
      + assign_ipv6_address_on_creation                = false
      + availability_zone                              = "us-east-1b"
      + availability_zone_id                           = (known after apply)
      + cidr_block                                     = "10.0.2.0/24"
      + enable_dns64                                   = false
      + enable_resource_name_dns_a_record_on_launch    = false
      + enable_resource_name_dns_aaaa_record_on_launch = false
      + id                                             = (known after apply)
      + ipv6_cidr_block_association_id                 = (known after apply)
      + ipv6_native                                    = false
      + map_public_ip_on_launch                        = true
      + owner_id                                       = (known after apply)
      + private_dns_hostname_type_on_launch            = (known after apply)
      + region                                         = "us-east-1"
      + tags                                           = {
          + "Name" = "public-subnet-2"
        }
      + tags_all                                       = {
          + "Name" = "public-subnet-2"
        }
      + vpc_id                                         = (known after apply)
    }

  # aws_vpc.main will be created
  + resource "aws_vpc" "main" {
      + arn                                  = (known after apply)
      + cidr_block                           = "10.0.0.0/16"
      + default_network_acl_id               = (known after apply)
      + default_route_table_id               = (known after apply)
      + default_security_group_id            = (known after apply)
      + dhcp_options_id                      = (known after apply)
      + enable_dns_hostnames                 = true
      + enable_dns_support                   = true
      + enable_network_address_usage_metrics = (known after apply)
      + id                                   = (known after apply)
      + instance_tenancy                     = "default"
      + ipv6_association_id                  = (known after apply)
      + ipv6_cidr_block                      = (known after apply)
      + ipv6_cidr_block_network_border_group = (known after apply)
      + main_route_table_id                  = (known after apply)
      + owner_id                             = (known after apply)
      + region                               = "us-east-1"
      + tags                                 = {
          + "Name" = "main-vpc"
        }
      + tags_all                             = {
          + "Name" = "main-vpc"
        }
    }

Plan: 27 to add, 0 to change, 0 to destroy.

Changes to Outputs:
  + private_subnet_ids = [
      + (known after apply),
      + (known after apply),
    ]
  + public_subnet_ids  = [
      + (known after apply),
      + (known after apply),
    ]
  + redis_endpoint     = (known after apply)
  + vpc_id             = (known after apply)
