module.eks.data.aws_partition.current[0]: Reading...
module.eks.module.kms.data.aws_caller_identity.current[0]: Reading...
module.eks.module.kms.data.aws_partition.current[0]: Reading...
module.eks.data.aws_caller_identity.current[0]: Reading...
data.aws_availability_zones.available: Reading...
module.eks.module.kms.data.aws_partition.current[0]: Read complete after 0s [id=aws]
module.eks.data.aws_partition.current[0]: Read complete after 0s [id=aws]
module.eks.data.aws_iam_policy_document.assume_role_policy[0]: Reading...
module.eks.data.aws_iam_policy_document.assume_role_policy[0]: Read complete after 0s [id=2830595799]
module.eks.module.kms.data.aws_caller_identity.current[0]: Read complete after 0s [id=000000000000]
module.eks.data.aws_iam_policy_document.custom[0]: Reading...
data.aws_availability_zones.available: Read complete after 0s [id=us-east-1]
module.eks.data.aws_iam_policy_document.custom[0]: Read complete after 0s [id=513122117]
module.eks.data.aws_caller_identity.current[0]: Read complete after 0s [id=000000000000]
module.eks.data.aws_iam_session_context.current[0]: Reading...
module.eks.data.aws_iam_session_context.current[0]: Read complete after 0s [id=arn:aws:iam::000000000000:root]
module.eks.module.eks_managed_node_group["default"].data.aws_partition.current: Reading...
module.eks.module.eks_managed_node_group["default"].data.aws_caller_identity.current: Reading...
module.eks.module.eks_managed_node_group["default"].data.aws_partition.current: Read complete after 0s [id=aws]
module.eks.module.eks_managed_node_group["default"].data.aws_caller_identity.current: Read complete after 0s [id=000000000000]
module.eks.module.eks_managed_node_group["default"].data.aws_iam_policy_document.assume_role_policy[0]: Reading...
module.eks.module.eks_managed_node_group["default"].data.aws_iam_policy_document.assume_role_policy[0]: Read complete after 0s [id=2560088296]

Terraform used the selected providers to generate the following execution
plan. Resource actions are indicated with the following symbols:
  + create
 <= read (data resources)

Terraform will perform the following actions:

  # aws_ecr_lifecycle_policy.this will be created
  + resource "aws_ecr_lifecycle_policy" "this" {
      + id          = (known after apply)
      + policy      = jsonencode(
            {
              + rules = [
                  + {
                      + action       = {
                          + type = "expire"
                        }
                      + description  = "Expire untagged images older than 14 days"
                      + rulePriority = 1
                      + selection    = {
                          + countNumber = 14
                          + countType   = "sinceImagePushed"
                          + countUnit   = "days"
                          + tagStatus   = "untagged"
                        }
                    },
                  + {
                      + action       = {
                          + type = "expire"
                        }
                      + description  = "Keep last 50 tagged images"
                      + rulePriority = 2
                      + selection    = {
                          + countNumber   = 50
                          + countType     = "imageCountMoreThan"
                          + tagPrefixList = [
                              + "v",
                              + "sha-",
                              + "latest",
                            ]
                          + tagStatus     = "tagged"
                        }
                    },
                ]
            }
        )
      + registry_id = (known after apply)
      + repository  = "epicac"
    }

  # aws_ecr_repository.this will be created
  + resource "aws_ecr_repository" "this" {
      + arn                  = (known after apply)
      + id                   = (known after apply)
      + image_tag_mutability = "MUTABLE"
      + name                 = "epicac"
      + registry_id          = (known after apply)
      + repository_url       = (known after apply)
      + tags                 = {
          + "Managed" = "terraform"
          + "Project" = "epicac"
        }
      + tags_all             = {
          + "Managed" = "terraform"
          + "Project" = "epicac"
        }

      + encryption_configuration {
          + encryption_type = "AES256"
          + kms_key         = (known after apply)
        }

      + image_scanning_configuration {
          + scan_on_push = true
        }
    }

  # aws_eks_pod_identity_association.this will be created
  + resource "aws_eks_pod_identity_association" "this" {
      + association_arn = (known after apply)
      + association_id  = (known after apply)
      + cluster_name    = "epicac-eks"
      + id              = (known after apply)
      + namespace       = "epicac"
      + role_arn        = (known after apply)
      + service_account = "epicac"
      + tags            = {
          + "Managed" = "terraform"
          + "Project" = "epicac"
        }
      + tags_all        = {
          + "Managed" = "terraform"
          + "Project" = "epicac"
        }
    }

  # aws_iam_policy.pod_identity will be created
  + resource "aws_iam_policy" "pod_identity" {
      + arn              = (known after apply)
      + attachment_count = (known after apply)
      + description      = "Permissions for epicac pod identity role (assume target roles)."
      + id               = (known after apply)
      + name             = "epicac-pod-identity"
      + name_prefix      = (known after apply)
      + path             = "/"
      + policy           = jsonencode(
            {
              + Statement = [
                  + {
                      + Action   = [
                          + "sts:AssumeRole",
                          + "sts:AssumeRoleWithWebIdentity",
                        ]
                      + Effect   = "Allow"
                      + Resource = []
                      + Sid      = "AllowAssumeRole"
                    },
                  + {
                      + Action   = [
                          + "sts:AssumeRole",
                          + "sts:AssumeRoleWithWebIdentity",
                        ]
                      + Effect   = "Deny"
                      + Resource = "*"
                      + Sid      = "DenyAssumeRoleWhenUnset"
                    },
                ]
              + Version   = "2012-10-17"
            }
        )
      + policy_id        = (known after apply)
      + tags_all         = {
          + "Managed" = "terraform"
          + "Project" = "epicac"
        }
    }

  # aws_iam_role.pod_identity will be created
  + resource "aws_iam_role" "pod_identity" {
      + arn                   = (known after apply)
      + assume_role_policy    = jsonencode(
            {
              + Statement = [
                  + {
                      + Action    = [
                          + "sts:AssumeRole",
                          + "sts:TagSession",
                        ]
                      + Effect    = "Allow"
                      + Principal = {
                          + Service = "pods.eks.amazonaws.com"
                        }
                    },
                ]
              + Version   = "2012-10-17"
            }
        )
      + create_date           = (known after apply)
      + force_detach_policies = false
      + id                    = (known after apply)
      + managed_policy_arns   = (known after apply)
      + max_session_duration  = 3600
      + name                  = "epicac-pod-identity"
      + name_prefix           = (known after apply)
      + path                  = "/"
      + tags                  = {
          + "Managed" = "terraform"
          + "Project" = "epicac"
        }
      + tags_all              = {
          + "Managed" = "terraform"
          + "Project" = "epicac"
        }
      + unique_id             = (known after apply)

      + inline_policy (known after apply)
    }

  # aws_iam_role_policy_attachment.pod_identity will be created
  + resource "aws_iam_role_policy_attachment" "pod_identity" {
      + id         = (known after apply)
      + policy_arn = (known after apply)
      + role       = "epicac-pod-identity"
    }

  # kubernetes_namespace.this will be created
  + resource "kubernetes_namespace" "this" {
      + id                               = (known after apply)
      + wait_for_default_service_account = false

      + metadata {
          + generation       = (known after apply)
          + labels           = {
              + "app.kubernetes.io/name" = "epicac"
            }
          + name             = "epicac"
          + resource_version = (known after apply)
          + uid              = (known after apply)
        }
    }

  # kubernetes_pod.epicac will be created
  + resource "kubernetes_pod" "epicac" {
      + id = (known after apply)

      + metadata {
          + generation       = (known after apply)
          + labels           = {
              + "app.kubernetes.io/name" = "epicac"
            }
          + name             = "epicac"
          + namespace        = "epicac"
          + resource_version = (known after apply)
          + uid              = (known after apply)
        }

      + spec {
          + automount_service_account_token  = true
          + dns_policy                       = "ClusterFirst"
          + enable_service_links             = true
          + host_ipc                         = false
          + host_network                     = false
          + host_pid                         = false
          + hostname                         = (known after apply)
          + node_name                        = (known after apply)
          + restart_policy                   = "Always"
          + scheduler_name                   = (known after apply)
          + service_account_name             = "epicac"
          + share_process_namespace          = false
          + termination_grace_period_seconds = 30

          + container {
              + args                       = [
                  + "sleep 3600",
                ]
              + command                    = [
                  + "/bin/sh",
                  + "-lc",
                ]
              + image                      = "ai-tf"
              + image_pull_policy          = "IfNotPresent"
              + name                       = "epicac"
              + stdin                      = false
              + stdin_once                 = false
              + termination_message_path   = "/dev/termination-log"
              + termination_message_policy = (known after apply)
              + tty                        = false

              + resources {
                  + limits   = {
                      + "cpu"    = "500m"
                      + "memory" = "512Mi"
                    }
                  + requests = {
                      + "cpu"    = "100m"
                      + "memory" = "128Mi"
                    }
                }

              + security_context {
                  + allow_privilege_escalation = false
                  + privileged                 = false
                  + read_only_root_filesystem  = false
                  + run_as_non_root            = true
                }
            }

          + image_pull_secrets (known after apply)

          + readiness_gate (known after apply)

          + security_context {
              + fs_group = "1000"
            }
        }
    }

  # kubernetes_service_account.this will be created
  + resource "kubernetes_service_account" "this" {
      + automount_service_account_token = true
      + default_secret_name             = (known after apply)
      + id                              = (known after apply)

      + metadata {
          + generation       = (known after apply)
          + labels           = {
              + "app.kubernetes.io/name" = "epicac"
            }
          + name             = "epicac"
          + namespace        = "epicac"
          + resource_version = (known after apply)
          + uid              = (known after apply)
        }
    }

  # module.eks.data.aws_eks_addon_version.this["coredns"] will be read during apply
  # (depends on a resource or a module with changes pending)
 <= data "aws_eks_addon_version" "this" {
      + addon_name         = "coredns"
      + id                 = (known after apply)
      + kubernetes_version = "1.29"
      + most_recent        = true
      + version            = (known after apply)
    }

  # module.eks.data.aws_eks_addon_version.this["eks-pod-identity-agent"] will be read during apply
  # (depends on a resource or a module with changes pending)
 <= data "aws_eks_addon_version" "this" {
      + addon_name         = "eks-pod-identity-agent"
      + id                 = (known after apply)
      + kubernetes_version = "1.29"
      + most_recent        = true
      + version            = (known after apply)
    }

  # module.eks.data.aws_eks_addon_version.this["kube-proxy"] will be read during apply
  # (depends on a resource or a module with changes pending)
 <= data "aws_eks_addon_version" "this" {
      + addon_name         = "kube-proxy"
      + id                 = (known after apply)
      + kubernetes_version = "1.29"
      + most_recent        = true
      + version            = (known after apply)
    }

  # module.eks.data.aws_eks_addon_version.this["vpc-cni"] will be read during apply
  # (depends on a resource or a module with changes pending)
 <= data "aws_eks_addon_version" "this" {
      + addon_name         = "vpc-cni"
      + id                 = (known after apply)
      + kubernetes_version = "1.29"
      + most_recent        = true
      + version            = (known after apply)
    }

  # module.eks.data.tls_certificate.this[0] will be read during apply
  # (config refers to values not yet known)
 <= data "tls_certificate" "this" {
      + certificates = (known after apply)
      + id           = (known after apply)
      + url          = (known after apply)
    }

  # module.eks.aws_cloudwatch_log_group.this[0] will be created
  + resource "aws_cloudwatch_log_group" "this" {
      + arn               = (known after apply)
      + id                = (known after apply)
      + log_group_class   = (known after apply)
      + name              = "/aws/eks/epicac-eks/cluster"
      + name_prefix       = (known after apply)
      + retention_in_days = 90
      + skip_destroy      = false
      + tags              = {
          + "Managed" = "terraform"
          + "Name"    = "/aws/eks/epicac-eks/cluster"
          + "Project" = "epicac"
        }
      + tags_all          = {
          + "Managed" = "terraform"
          + "Name"    = "/aws/eks/epicac-eks/cluster"
          + "Project" = "epicac"
        }
    }

  # module.eks.aws_ec2_tag.cluster_primary_security_group["Managed"] will be created
  + resource "aws_ec2_tag" "cluster_primary_security_group" {
      + id          = (known after apply)
      + key         = "Managed"
      + resource_id = (known after apply)
      + value       = "terraform"
    }

  # module.eks.aws_ec2_tag.cluster_primary_security_group["Project"] will be created
  + resource "aws_ec2_tag" "cluster_primary_security_group" {
      + id          = (known after apply)
      + key         = "Project"
      + resource_id = (known after apply)
      + value       = "epicac"
    }

  # module.eks.aws_eks_access_entry.this["cluster_creator"] will be created
  + resource "aws_eks_access_entry" "this" {
      + access_entry_arn  = (known after apply)
      + cluster_name      = (known after apply)
      + created_at        = (known after apply)
      + id                = (known after apply)
      + kubernetes_groups = (known after apply)
      + modified_at       = (known after apply)
      + principal_arn     = "arn:aws:iam::000000000000:root"
      + tags              = {
          + "Managed" = "terraform"
          + "Project" = "epicac"
        }
      + tags_all          = {
          + "Managed" = "terraform"
          + "Project" = "epicac"
        }
      + type              = "STANDARD"
      + user_name         = (known after apply)
    }

  # module.eks.aws_eks_access_policy_association.this["cluster_creator_admin"] will be created
  + resource "aws_eks_access_policy_association" "this" {
      + associated_at = (known after apply)
      + cluster_name  = (known after apply)
      + id            = (known after apply)
      + modified_at   = (known after apply)
      + policy_arn    = "arn:aws:eks::aws:cluster-access-policy/AmazonEKSClusterAdminPolicy"
      + principal_arn = "arn:aws:iam::000000000000:root"

      + access_scope {
          + type = "cluster"
        }
    }

  # module.eks.aws_eks_addon.this["coredns"] will be created
  + resource "aws_eks_addon" "this" {
      + addon_name                  = "coredns"
      + addon_version               = (known after apply)
      + arn                         = (known after apply)
      + cluster_name                = (known after apply)
      + configuration_values        = (known after apply)
      + created_at                  = (known after apply)
      + id                          = (known after apply)
      + modified_at                 = (known after apply)
      + preserve                    = true
      + resolve_conflicts_on_create = "OVERWRITE"
      + resolve_conflicts_on_update = "OVERWRITE"
      + tags                        = {
          + "Managed" = "terraform"
          + "Project" = "epicac"
        }
      + tags_all                    = {
          + "Managed" = "terraform"
          + "Project" = "epicac"
        }

      + timeouts {}
    }

  # module.eks.aws_eks_addon.this["eks-pod-identity-agent"] will be created
  + resource "aws_eks_addon" "this" {
      + addon_name                  = "eks-pod-identity-agent"
      + addon_version               = (known after apply)
      + arn                         = (known after apply)
      + cluster_name                = (known after apply)
      + configuration_values        = (known after apply)
      + created_at                  = (known after apply)
      + id                          = (known after apply)
      + modified_at                 = (known after apply)
      + preserve                    = true
      + resolve_conflicts_on_create = "OVERWRITE"
      + resolve_conflicts_on_update = "OVERWRITE"
      + tags                        = {
          + "Managed" = "terraform"
          + "Project" = "epicac"
        }
      + tags_all                    = {
          + "Managed" = "terraform"
          + "Project" = "epicac"
        }

      + timeouts {}
    }

  # module.eks.aws_eks_addon.this["kube-proxy"] will be created
  + resource "aws_eks_addon" "this" {
      + addon_name                  = "kube-proxy"
      + addon_version               = (known after apply)
      + arn                         = (known after apply)
      + cluster_name                = (known after apply)
      + configuration_values        = (known after apply)
      + created_at                  = (known after apply)
      + id                          = (known after apply)
      + modified_at                 = (known after apply)
      + preserve                    = true
      + resolve_conflicts_on_create = "OVERWRITE"
      + resolve_conflicts_on_update = "OVERWRITE"
      + tags                        = {
          + "Managed" = "terraform"
          + "Project" = "epicac"
        }
      + tags_all                    = {
          + "Managed" = "terraform"
          + "Project" = "epicac"
        }

      + timeouts {}
    }

  # module.eks.aws_eks_addon.this["vpc-cni"] will be created
  + resource "aws_eks_addon" "this" {
      + addon_name                  = "vpc-cni"
      + addon_version               = (known after apply)
      + arn                         = (known after apply)
      + cluster_name                = (known after apply)
      + configuration_values        = (known after apply)
      + created_at                  = (known after apply)
      + id                          = (known after apply)
      + modified_at                 = (known after apply)
      + preserve                    = true
      + resolve_conflicts_on_create = "OVERWRITE"
      + resolve_conflicts_on_update = "OVERWRITE"
      + tags                        = {
          + "Managed" = "terraform"
          + "Project" = "epicac"
        }
      + tags_all                    = {
          + "Managed" = "terraform"
          + "Project" = "epicac"
        }

      + timeouts {}
    }

  # module.eks.aws_eks_cluster.this[0] will be created
  + resource "aws_eks_cluster" "this" {
      + arn                           = (known after apply)
      + bootstrap_self_managed_addons = true
      + certificate_authority         = (known after apply)
      + cluster_id                    = (known after apply)
      + created_at                    = (known after apply)
      + enabled_cluster_log_types     = [
          + "api",
          + "audit",
          + "authenticator",
        ]
      + endpoint                      = (known after apply)
      + id                            = (known after apply)
      + identity                      = (known after apply)
      + name                          = "epicac-eks"
      + platform_version              = (known after apply)
      + role_arn                      = (known after apply)
      + status                        = (known after apply)
      + tags                          = {
          + "Managed"               = "terraform"
          + "Project"               = "epicac"
          + "terraform-aws-modules" = "eks"
        }
      + tags_all                      = {
          + "Managed"               = "terraform"
          + "Project"               = "epicac"
          + "terraform-aws-modules" = "eks"
        }
      + version                       = "1.29"

      + access_config {
          + authentication_mode                         = "API_AND_CONFIG_MAP"
          + bootstrap_cluster_creator_admin_permissions = false
        }

      + encryption_config {
          + resources = [
              + "secrets",
            ]

          + provider {
              + key_arn = (known after apply)
            }
        }

      + kubernetes_network_config {
          + ip_family         = "ipv4"
          + service_ipv4_cidr = (known after apply)
          + service_ipv6_cidr = (known after apply)

          + elastic_load_balancing (known after apply)
        }

      + timeouts {}

      + upgrade_policy (known after apply)

      + vpc_config {
          + cluster_security_group_id = (known after apply)
          + endpoint_private_access   = true
          + endpoint_public_access    = true
          + public_access_cidrs       = [
              + "0.0.0.0/0",
            ]
          + security_group_ids        = (known after apply)
          + subnet_ids                = (known after apply)
          + vpc_id                    = (known after apply)
        }
    }

  # module.eks.aws_iam_openid_connect_provider.oidc_provider[0] will be created
  + resource "aws_iam_openid_connect_provider" "oidc_provider" {
      + arn             = (known after apply)
      + client_id_list  = [
          + "sts.amazonaws.com",
        ]
      + id              = (known after apply)
      + tags            = {
          + "Managed" = "terraform"
          + "Name"    = "epicac-eks-eks-irsa"
          + "Project" = "epicac"
        }
      + tags_all        = {
          + "Managed" = "terraform"
          + "Name"    = "epicac-eks-eks-irsa"
          + "Project" = "epicac"
        }
      + thumbprint_list = (known after apply)
      + url             = (known after apply)
    }

  # module.eks.aws_iam_policy.cluster_encryption[0] will be created
  + resource "aws_iam_policy" "cluster_encryption" {
      + arn              = (known after apply)
      + attachment_count = (known after apply)
      + description      = "Cluster encryption policy to allow cluster role to utilize CMK provided"
      + id               = (known after apply)
      + name             = (known after apply)
      + name_prefix      = "epicac-eks-cluster-ClusterEncryption"
      + path             = "/"
      + policy           = (known after apply)
      + policy_id        = (known after apply)
      + tags             = {
          + "Managed" = "terraform"
          + "Project" = "epicac"
        }
      + tags_all         = {
          + "Managed" = "terraform"
          + "Project" = "epicac"
        }
    }

  # module.eks.aws_iam_policy.custom[0] will be created
  + resource "aws_iam_policy" "custom" {
      + arn              = (known after apply)
      + attachment_count = (known after apply)
      + id               = (known after apply)
      + name             = (known after apply)
      + name_prefix      = "epicac-eks-cluster-"
      + path             = "/"
      + policy           = jsonencode(
            {
              + Statement = [
                  + {
                      + Action    = [
                          + "ec2:RunInstances",
                          + "ec2:CreateLaunchTemplate",
                          + "ec2:CreateFleet",
                        ]
                      + Condition = {
                          + StringEquals = {
                              + "aws:RequestTag/eks:eks-cluster-name" = "${aws:PrincipalTag/eks:eks-cluster-name}"
                            }
                          + StringLike   = {
                              + "aws:RequestTag/eks:kubernetes-node-class-name" = "*"
                              + "aws:RequestTag/eks:kubernetes-node-pool-name"  = "*"
                            }
                        }
                      + Effect    = "Allow"
                      + Resource  = "*"
                      + Sid       = "Compute"
                    },
                  + {
                      + Action    = [
                          + "ec2:CreateVolume",
                          + "ec2:CreateSnapshot",
                        ]
                      + Condition = {
                          + StringEquals = {
                              + "aws:RequestTag/eks:eks-cluster-name" = "${aws:PrincipalTag/eks:eks-cluster-name}"
                            }
                        }
                      + Effect    = "Allow"
                      + Resource  = [
                          + "arn:aws:ec2:*:*:volume/*",
                          + "arn:aws:ec2:*:*:snapshot/*",
                        ]
                      + Sid       = "Storage"
                    },
                  + {
                      + Action    = "ec2:CreateNetworkInterface"
                      + Condition = {
                          + StringEquals = {
                              + "aws:RequestTag/eks:eks-cluster-name"         = "${aws:PrincipalTag/eks:eks-cluster-name}"
                              + "aws:RequestTag/eks:kubernetes-cni-node-name" = "*"
                            }
                        }
                      + Effect    = "Allow"
                      + Resource  = "*"
                      + Sid       = "Networking"
                    },
                  + {
                      + Action    = [
                          + "elasticloadbalancing:CreateTargetGroup",
                          + "elasticloadbalancing:CreateRule",
                          + "elasticloadbalancing:CreateLoadBalancer",
                          + "elasticloadbalancing:CreateListener",
                          + "ec2:CreateSecurityGroup",
                        ]
                      + Condition = {
                          + StringEquals = {
                              + "aws:RequestTag/eks:eks-cluster-name" = "${aws:PrincipalTag/eks:eks-cluster-name}"
                            }
                        }
                      + Effect    = "Allow"
                      + Resource  = "*"
                      + Sid       = "LoadBalancer"
                    },
                  + {
                      + Action    = "shield:CreateProtection"
                      + Condition = {
                          + StringEquals = {
                              + "aws:RequestTag/eks:eks-cluster-name" = "${aws:PrincipalTag/eks:eks-cluster-name}"
                            }
                        }
                      + Effect    = "Allow"
                      + Resource  = "*"
                      + Sid       = "ShieldProtection"
                    },
                  + {
                      + Action    = "shield:TagResource"
                      + Condition = {
                          + StringEquals = {
                              + "aws:RequestTag/eks:eks-cluster-name" = "${aws:PrincipalTag/eks:eks-cluster-name}"
                            }
                        }
                      + Effect    = "Allow"
                      + Resource  = "arn:aws:shield::*:protection/*"
                      + Sid       = "ShieldTagResource"
                    },
                ]
              + Version   = "2012-10-17"
            }
        )
      + policy_id        = (known after apply)
      + tags             = {
          + "Managed" = "terraform"
          + "Project" = "epicac"
        }
      + tags_all         = {
          + "Managed" = "terraform"
          + "Project" = "epicac"
        }
    }

  # module.eks.aws_iam_role.this[0] will be created
  + resource "aws_iam_role" "this" {
      + arn                   = (known after apply)
      + assume_role_policy    = jsonencode(
            {
              + Statement = [
                  + {
                      + Action    = [
                          + "sts:TagSession",
                          + "sts:AssumeRole",
                        ]
                      + Effect    = "Allow"
                      + Principal = {
                          + Service = "eks.amazonaws.com"
                        }
                      + Sid       = "EKSClusterAssumeRole"
                    },
                ]
              + Version   = "2012-10-17"
            }
        )
      + create_date           = (known after apply)
      + force_detach_policies = true
      + id                    = (known after apply)
      + managed_policy_arns   = (known after apply)
      + max_session_duration  = 3600
      + name                  = (known after apply)
      + name_prefix           = "epicac-eks-cluster-"
      + path                  = "/"
      + tags                  = {
          + "Managed" = "terraform"
          + "Project" = "epicac"
        }
      + tags_all              = {
          + "Managed" = "terraform"
          + "Project" = "epicac"
        }
      + unique_id             = (known after apply)

      + inline_policy (known after apply)
    }

  # module.eks.aws_iam_role_policy_attachment.cluster_encryption[0] will be created
  + resource "aws_iam_role_policy_attachment" "cluster_encryption" {
      + id         = (known after apply)
      + policy_arn = (known after apply)
      + role       = (known after apply)
    }

  # module.eks.aws_iam_role_policy_attachment.custom[0] will be created
  + resource "aws_iam_role_policy_attachment" "custom" {
      + id         = (known after apply)
      + policy_arn = (known after apply)
      + role       = (known after apply)
    }

  # module.eks.aws_iam_role_policy_attachment.this["AmazonEKSClusterPolicy"] will be created
  + resource "aws_iam_role_policy_attachment" "this" {
      + id         = (known after apply)
      + policy_arn = "arn:aws:iam::aws:policy/AmazonEKSClusterPolicy"
      + role       = (known after apply)
    }

  # module.eks.aws_iam_role_policy_attachment.this["AmazonEKSVPCResourceController"] will be created
  + resource "aws_iam_role_policy_attachment" "this" {
      + id         = (known after apply)
      + policy_arn = "arn:aws:iam::aws:policy/AmazonEKSVPCResourceController"
      + role       = (known after apply)
    }

  # module.eks.aws_security_group.cluster[0] will be created
  + resource "aws_security_group" "cluster" {
      + arn                    = (known after apply)
      + description            = "EKS cluster security group"
      + egress                 = (known after apply)
      + id                     = (known after apply)
      + ingress                = (known after apply)
      + name                   = (known after apply)
      + name_prefix            = "epicac-eks-cluster-"
      + owner_id               = (known after apply)
      + revoke_rules_on_delete = false
      + tags                   = {
          + "Managed" = "terraform"
          + "Name"    = "epicac-eks-cluster"
          + "Project" = "epicac"
        }
      + tags_all               = {
          + "Managed" = "terraform"
          + "Name"    = "epicac-eks-cluster"
          + "Project" = "epicac"
        }
      + vpc_id                 = (known after apply)
    }

  # module.eks.aws_security_group.node[0] will be created
  + resource "aws_security_group" "node" {
      + arn                    = (known after apply)
      + description            = "EKS node shared security group"
      + egress                 = (known after apply)
      + id                     = (known after apply)
      + ingress                = (known after apply)
      + name                   = (known after apply)
      + name_prefix            = "epicac-eks-node-"
      + owner_id               = (known after apply)
      + revoke_rules_on_delete = false
      + tags                   = {
          + "Managed"                          = "terraform"
          + "Name"                             = "epicac-eks-node"
          + "Project"                          = "epicac"
          + "kubernetes.io/cluster/epicac-eks" = "owned"
        }
      + tags_all               = {
          + "Managed"                          = "terraform"
          + "Name"                             = "epicac-eks-node"
          + "Project"                          = "epicac"
          + "kubernetes.io/cluster/epicac-eks" = "owned"
        }
      + vpc_id                 = (known after apply)
    }

  # module.eks.aws_security_group_rule.cluster["ingress_nodes_443"] will be created
  + resource "aws_security_group_rule" "cluster" {
      + description              = "Node groups to cluster API"
      + from_port                = 443
      + id                       = (known after apply)
      + protocol                 = "tcp"
      + security_group_id        = (known after apply)
      + security_group_rule_id   = (known after apply)
      + self                     = false
      + source_security_group_id = (known after apply)
      + to_port                  = 443
      + type                     = "ingress"
    }

  # module.eks.aws_security_group_rule.node["egress_all"] will be created
  + resource "aws_security_group_rule" "node" {
      + cidr_blocks              = [
          + "0.0.0.0/0",
        ]
      + description              = "Allow all egress"
      + from_port                = 0
      + id                       = (known after apply)
      + prefix_list_ids          = []
      + protocol                 = "-1"
      + security_group_id        = (known after apply)
      + security_group_rule_id   = (known after apply)
      + self                     = false
      + source_security_group_id = (known after apply)
      + to_port                  = 0
      + type                     = "egress"
    }

  # module.eks.aws_security_group_rule.node["ingress_cluster_443"] will be created
  + resource "aws_security_group_rule" "node" {
      + description              = "Cluster API to node groups"
      + from_port                = 443
      + id                       = (known after apply)
      + prefix_list_ids          = []
      + protocol                 = "tcp"
      + security_group_id        = (known after apply)
      + security_group_rule_id   = (known after apply)
      + self                     = false
      + source_security_group_id = (known after apply)
      + to_port                  = 443
      + type                     = "ingress"
    }

  # module.eks.aws_security_group_rule.node["ingress_cluster_4443_webhook"] will be created
  + resource "aws_security_group_rule" "node" {
      + description              = "Cluster API to node 4443/tcp webhook"
      + from_port                = 4443
      + id                       = (known after apply)
      + prefix_list_ids          = []
      + protocol                 = "tcp"
      + security_group_id        = (known after apply)
      + security_group_rule_id   = (known after apply)
      + self                     = false
      + source_security_group_id = (known after apply)
      + to_port                  = 4443
      + type                     = "ingress"
    }

  # module.eks.aws_security_group_rule.node["ingress_cluster_6443_webhook"] will be created
  + resource "aws_security_group_rule" "node" {
      + description              = "Cluster API to node 6443/tcp webhook"
      + from_port                = 6443
      + id                       = (known after apply)
      + prefix_list_ids          = []
      + protocol                 = "tcp"
      + security_group_id        = (known after apply)
      + security_group_rule_id   = (known after apply)
      + self                     = false
      + source_security_group_id = (known after apply)
      + to_port                  = 6443
      + type                     = "ingress"
    }

  # module.eks.aws_security_group_rule.node["ingress_cluster_8443_webhook"] will be created
  + resource "aws_security_group_rule" "node" {
      + description              = "Cluster API to node 8443/tcp webhook"
      + from_port                = 8443
      + id                       = (known after apply)
      + prefix_list_ids          = []
      + protocol                 = "tcp"
      + security_group_id        = (known after apply)
      + security_group_rule_id   = (known after apply)
      + self                     = false
      + source_security_group_id = (known after apply)
      + to_port                  = 8443
      + type                     = "ingress"
    }

  # module.eks.aws_security_group_rule.node["ingress_cluster_9443_webhook"] will be created
  + resource "aws_security_group_rule" "node" {
      + description              = "Cluster API to node 9443/tcp webhook"
      + from_port                = 9443
      + id                       = (known after apply)
      + prefix_list_ids          = []
      + protocol                 = "tcp"
      + security_group_id        = (known after apply)
      + security_group_rule_id   = (known after apply)
      + self                     = false
      + source_security_group_id = (known after apply)
      + to_port                  = 9443
      + type                     = "ingress"
    }

  # module.eks.aws_security_group_rule.node["ingress_cluster_kubelet"] will be created
  + resource "aws_security_group_rule" "node" {
      + description              = "Cluster API to node kubelets"
      + from_port                = 10250
      + id                       = (known after apply)
      + prefix_list_ids          = []
      + protocol                 = "tcp"
      + security_group_id        = (known after apply)
      + security_group_rule_id   = (known after apply)
      + self                     = false
      + source_security_group_id = (known after apply)
      + to_port                  = 10250
      + type                     = "ingress"
    }

  # module.eks.aws_security_group_rule.node["ingress_nodes_ephemeral"] will be created
  + resource "aws_security_group_rule" "node" {
      + description              = "Node to node ingress on ephemeral ports"
      + from_port                = 1025
      + id                       = (known after apply)
      + prefix_list_ids          = []
      + protocol                 = "tcp"
      + security_group_id        = (known after apply)
      + security_group_rule_id   = (known after apply)
      + self                     = true
      + source_security_group_id = (known after apply)
      + to_port                  = 65535
      + type                     = "ingress"
    }

  # module.eks.aws_security_group_rule.node["ingress_self_coredns_tcp"] will be created
  + resource "aws_security_group_rule" "node" {
      + description              = "Node to node CoreDNS"
      + from_port                = 53
      + id                       = (known after apply)
      + prefix_list_ids          = []
      + protocol                 = "tcp"
      + security_group_id        = (known after apply)
      + security_group_rule_id   = (known after apply)
      + self                     = true
      + source_security_group_id = (known after apply)
      + to_port                  = 53
      + type                     = "ingress"
    }

  # module.eks.aws_security_group_rule.node["ingress_self_coredns_udp"] will be created
  + resource "aws_security_group_rule" "node" {
      + description              = "Node to node CoreDNS UDP"
      + from_port                = 53
      + id                       = (known after apply)
      + prefix_list_ids          = []
      + protocol                 = "udp"
      + security_group_id        = (known after apply)
      + security_group_rule_id   = (known after apply)
      + self                     = true
      + source_security_group_id = (known after apply)
      + to_port                  = 53
      + type                     = "ingress"
    }

  # module.eks.time_sleep.this[0] will be created
  + resource "time_sleep" "this" {
      + create_duration = "30s"
      + id              = (known after apply)
      + triggers        = {
          + "cluster_certificate_authority_data" = (known after apply)
          + "cluster_endpoint"                   = (known after apply)
          + "cluster_name"                       = (known after apply)
          + "cluster_service_cidr"               = (known after apply)
          + "cluster_version"                    = "1.29"
        }
    }

  # module.vpc.aws_default_network_acl.this[0] will be created
  + resource "aws_default_network_acl" "this" {
      + arn                    = (known after apply)
      + default_network_acl_id = (known after apply)
      + id                     = (known after apply)
      + owner_id               = (known after apply)
      + tags                   = {
          + "Managed" = "terraform"
          + "Name"    = "epicac-vpc-default"
          + "Project" = "epicac"
        }
      + tags_all               = {
          + "Managed" = "terraform"
          + "Name"    = "epicac-vpc-default"
          + "Project" = "epicac"
        }
      + vpc_id                 = (known after apply)

      + egress {
          + action          = "allow"
          + from_port       = 0
          + ipv6_cidr_block = "::/0"
          + protocol        = "-1"
          + rule_no         = 101
          + to_port         = 0
            # (1 unchanged attribute hidden)
        }
      + egress {
          + action          = "allow"
          + cidr_block      = "0.0.0.0/0"
          + from_port       = 0
          + protocol        = "-1"
          + rule_no         = 100
          + to_port         = 0
            # (1 unchanged attribute hidden)
        }

      + ingress {
          + action          = "allow"
          + from_port       = 0
          + ipv6_cidr_block = "::/0"
          + protocol        = "-1"
          + rule_no         = 101
          + to_port         = 0
            # (1 unchanged attribute hidden)
        }
      + ingress {
          + action          = "allow"
          + cidr_block      = "0.0.0.0/0"
          + from_port       = 0
          + protocol        = "-1"
          + rule_no         = 100
          + to_port         = 0
            # (1 unchanged attribute hidden)
        }
    }

  # module.vpc.aws_default_route_table.default[0] will be created
  + resource "aws_default_route_table" "default" {
      + arn                    = (known after apply)
      + default_route_table_id = (known after apply)
      + id                     = (known after apply)
      + owner_id               = (known after apply)
      + route                  = (known after apply)
      + tags                   = {
          + "Managed" = "terraform"
          + "Name"    = "epicac-vpc-default"
          + "Project" = "epicac"
        }
      + tags_all               = {
          + "Managed" = "terraform"
          + "Name"    = "epicac-vpc-default"
          + "Project" = "epicac"
        }
      + vpc_id                 = (known after apply)

      + timeouts {
          + create = "5m"
          + update = "5m"
        }
    }

  # module.vpc.aws_default_security_group.this[0] will be created
  + resource "aws_default_security_group" "this" {
      + arn                    = (known after apply)
      + description            = (known after apply)
      + egress                 = (known after apply)
      + id                     = (known after apply)
      + ingress                = (known after apply)
      + name                   = (known after apply)
      + name_prefix            = (known after apply)
      + owner_id               = (known after apply)
      + revoke_rules_on_delete = false
      + tags                   = {
          + "Managed" = "terraform"
          + "Name"    = "epicac-vpc-default"
          + "Project" = "epicac"
        }
      + tags_all               = {
          + "Managed" = "terraform"
          + "Name"    = "epicac-vpc-default"
          + "Project" = "epicac"
        }
      + vpc_id                 = (known after apply)
    }

  # module.vpc.aws_eip.nat[0] will be created
  + resource "aws_eip" "nat" {
      + allocation_id        = (known after apply)
      + arn                  = (known after apply)
      + association_id       = (known after apply)
      + carrier_ip           = (known after apply)
      + customer_owned_ip    = (known after apply)
      + domain               = "vpc"
      + id                   = (known after apply)
      + instance             = (known after apply)
      + ipam_pool_id         = (known after apply)
      + network_border_group = (known after apply)
      + network_interface    = (known after apply)
      + private_dns          = (known after apply)
      + private_ip           = (known after apply)
      + ptr_record           = (known after apply)
      + public_dns           = (known after apply)
      + public_ip            = (known after apply)
      + public_ipv4_pool     = (known after apply)
      + tags                 = {
          + "Managed" = "terraform"
          + "Name"    = "epicac-vpc-us-east-1a"
          + "Project" = "epicac"
        }
      + tags_all             = {
          + "Managed" = "terraform"
          + "Name"    = "epicac-vpc-us-east-1a"
          + "Project" = "epicac"
        }
      + vpc                  = (known after apply)
    }

  # module.vpc.aws_internet_gateway.this[0] will be created
  + resource "aws_internet_gateway" "this" {
      + arn      = (known after apply)
      + id       = (known after apply)
      + owner_id = (known after apply)
      + tags     = {
          + "Managed" = "terraform"
          + "Name"    = "epicac-vpc"
          + "Project" = "epicac"
        }
      + tags_all = {
          + "Managed" = "terraform"
          + "Name"    = "epicac-vpc"
          + "Project" = "epicac"
        }
      + vpc_id   = (known after apply)
    }

  # module.vpc.aws_nat_gateway.this[0] will be created
  + resource "aws_nat_gateway" "this" {
      + allocation_id                      = (known after apply)
      + association_id                     = (known after apply)
      + connectivity_type                  = "public"
      + id                                 = (known after apply)
      + network_interface_id               = (known after apply)
      + private_ip                         = (known after apply)
      + public_ip                          = (known after apply)
      + secondary_private_ip_address_count = (known after apply)
      + secondary_private_ip_addresses     = (known after apply)
      + subnet_id                          = (known after apply)
      + tags                               = {
          + "Managed" = "terraform"
          + "Name"    = "epicac-vpc-us-east-1a"
          + "Project" = "epicac"
        }
      + tags_all                           = {
          + "Managed" = "terraform"
          + "Name"    = "epicac-vpc-us-east-1a"
          + "Project" = "epicac"
        }
    }

  # module.vpc.aws_route.private_nat_gateway[0] will be created
  + resource "aws_route" "private_nat_gateway" {
      + destination_cidr_block = "0.0.0.0/0"
      + id                     = (known after apply)
      + instance_id            = (known after apply)
      + instance_owner_id      = (known after apply)
      + nat_gateway_id         = (known after apply)
      + network_interface_id   = (known after apply)
      + origin                 = (known after apply)
      + route_table_id         = (known after apply)
      + state                  = (known after apply)

      + timeouts {
          + create = "5m"
        }
    }

  # module.vpc.aws_route.public_internet_gateway[0] will be created
  + resource "aws_route" "public_internet_gateway" {
      + destination_cidr_block = "0.0.0.0/0"
      + gateway_id             = (known after apply)
      + id                     = (known after apply)
      + instance_id            = (known after apply)
      + instance_owner_id      = (known after apply)
      + network_interface_id   = (known after apply)
      + origin                 = (known after apply)
      + route_table_id         = (known after apply)
      + state                  = (known after apply)

      + timeouts {
          + create = "5m"
        }
    }

  # module.vpc.aws_route_table.private[0] will be created
  + resource "aws_route_table" "private" {
      + arn              = (known after apply)
      + id               = (known after apply)
      + owner_id         = (known after apply)
      + propagating_vgws = (known after apply)
      + route            = (known after apply)
      + tags             = {
          + "Managed" = "terraform"
          + "Name"    = "epicac-vpc-private"
          + "Project" = "epicac"
        }
      + tags_all         = {
          + "Managed" = "terraform"
          + "Name"    = "epicac-vpc-private"
          + "Project" = "epicac"
        }
      + vpc_id           = (known after apply)
    }

  # module.vpc.aws_route_table.public[0] will be created
  + resource "aws_route_table" "public" {
      + arn              = (known after apply)
      + id               = (known after apply)
      + owner_id         = (known after apply)
      + propagating_vgws = (known after apply)
      + route            = (known after apply)
      + tags             = {
          + "Managed" = "terraform"
          + "Name"    = "epicac-vpc-public"
          + "Project" = "epicac"
        }
      + tags_all         = {
          + "Managed" = "terraform"
          + "Name"    = "epicac-vpc-public"
          + "Project" = "epicac"
        }
      + vpc_id           = (known after apply)
    }

  # module.vpc.aws_route_table_association.private[0] will be created
  + resource "aws_route_table_association" "private" {
      + id             = (known after apply)
      + route_table_id = (known after apply)
      + subnet_id      = (known after apply)
    }

  # module.vpc.aws_route_table_association.private[1] will be created
  + resource "aws_route_table_association" "private" {
      + id             = (known after apply)
      + route_table_id = (known after apply)
      + subnet_id      = (known after apply)
    }

  # module.vpc.aws_route_table_association.public[0] will be created
  + resource "aws_route_table_association" "public" {
      + id             = (known after apply)
      + route_table_id = (known after apply)
      + subnet_id      = (known after apply)
    }

  # module.vpc.aws_route_table_association.public[1] will be created
  + resource "aws_route_table_association" "public" {
      + id             = (known after apply)
      + route_table_id = (known after apply)
      + subnet_id      = (known after apply)
    }

  # module.vpc.aws_subnet.private[0] will be created
  + resource "aws_subnet" "private" {
      + arn                                            = (known after apply)
      + assign_ipv6_address_on_creation                = false
      + availability_zone                              = "us-east-1a"
      + availability_zone_id                           = (known after apply)
      + cidr_block                                     = "10.0.0.0/20"
      + enable_dns64                                   = false
      + enable_resource_name_dns_a_record_on_launch    = false
      + enable_resource_name_dns_aaaa_record_on_launch = false
      + id                                             = (known after apply)
      + ipv6_cidr_block_association_id                 = (known after apply)
      + ipv6_native                                    = false
      + map_public_ip_on_launch                        = false
      + owner_id                                       = (known after apply)
      + private_dns_hostname_type_on_launch            = (known after apply)
      + tags                                           = {
          + "Managed"                         = "terraform"
          + "Name"                            = "epicac-vpc-private-us-east-1a"
          + "Project"                         = "epicac"
          + "kubernetes.io/role/internal-elb" = "1"
        }
      + tags_all                                       = {
          + "Managed"                         = "terraform"
          + "Name"                            = "epicac-vpc-private-us-east-1a"
          + "Project"                         = "epicac"
          + "kubernetes.io/role/internal-elb" = "1"
        }
      + vpc_id                                         = (known after apply)
    }

  # module.vpc.aws_subnet.private[1] will be created
  + resource "aws_subnet" "private" {
      + arn                                            = (known after apply)
      + assign_ipv6_address_on_creation                = false
      + availability_zone                              = "us-east-1b"
      + availability_zone_id                           = (known after apply)
      + cidr_block                                     = "10.0.16.0/20"
      + enable_dns64                                   = false
      + enable_resource_name_dns_a_record_on_launch    = false
      + enable_resource_name_dns_aaaa_record_on_launch = false
      + id                                             = (known after apply)
      + ipv6_cidr_block_association_id                 = (known after apply)
      + ipv6_native                                    = false
      + map_public_ip_on_launch                        = false
      + owner_id                                       = (known after apply)
      + private_dns_hostname_type_on_launch            = (known after apply)
      + tags                                           = {
          + "Managed"                         = "terraform"
          + "Name"                            = "epicac-vpc-private-us-east-1b"
          + "Project"                         = "epicac"
          + "kubernetes.io/role/internal-elb" = "1"
        }
      + tags_all                                       = {
          + "Managed"                         = "terraform"
          + "Name"                            = "epicac-vpc-private-us-east-1b"
          + "Project"                         = "epicac"
          + "kubernetes.io/role/internal-elb" = "1"
        }
      + vpc_id                                         = (known after apply)
    }

  # module.vpc.aws_subnet.public[0] will be created
  + resource "aws_subnet" "public" {
      + arn                                            = (known after apply)
      + assign_ipv6_address_on_creation                = false
      + availability_zone                              = "us-east-1a"
      + availability_zone_id                           = (known after apply)
      + cidr_block                                     = "10.0.128.0/20"
      + enable_dns64                                   = false
      + enable_resource_name_dns_a_record_on_launch    = false
      + enable_resource_name_dns_aaaa_record_on_launch = false
      + id                                             = (known after apply)
      + ipv6_cidr_block_association_id                 = (known after apply)
      + ipv6_native                                    = false
      + map_public_ip_on_launch                        = false
      + owner_id                                       = (known after apply)
      + private_dns_hostname_type_on_launch            = (known after apply)
      + tags                                           = {
          + "Managed"                = "terraform"
          + "Name"                   = "epicac-vpc-public-us-east-1a"
          + "Project"                = "epicac"
          + "kubernetes.io/role/elb" = "1"
        }
      + tags_all                                       = {
          + "Managed"                = "terraform"
          + "Name"                   = "epicac-vpc-public-us-east-1a"
          + "Project"                = "epicac"
          + "kubernetes.io/role/elb" = "1"
        }
      + vpc_id                                         = (known after apply)
    }

  # module.vpc.aws_subnet.public[1] will be created
  + resource "aws_subnet" "public" {
      + arn                                            = (known after apply)
      + assign_ipv6_address_on_creation                = false
      + availability_zone                              = "us-east-1b"
      + availability_zone_id                           = (known after apply)
      + cidr_block                                     = "10.0.144.0/20"
      + enable_dns64                                   = false
      + enable_resource_name_dns_a_record_on_launch    = false
      + enable_resource_name_dns_aaaa_record_on_launch = false
      + id                                             = (known after apply)
      + ipv6_cidr_block_association_id                 = (known after apply)
      + ipv6_native                                    = false
      + map_public_ip_on_launch                        = false
      + owner_id                                       = (known after apply)
      + private_dns_hostname_type_on_launch            = (known after apply)
      + tags                                           = {
          + "Managed"                = "terraform"
          + "Name"                   = "epicac-vpc-public-us-east-1b"
          + "Project"                = "epicac"
          + "kubernetes.io/role/elb" = "1"
        }
      + tags_all                                       = {
          + "Managed"                = "terraform"
          + "Name"                   = "epicac-vpc-public-us-east-1b"
          + "Project"                = "epicac"
          + "kubernetes.io/role/elb" = "1"
        }
      + vpc_id                                         = (known after apply)
    }

  # module.vpc.aws_vpc.this[0] will be created
  + resource "aws_vpc" "this" {
      + arn                                  = (known after apply)
      + cidr_block                           = "10.0.0.0/16"
      + default_network_acl_id               = (known after apply)
      + default_route_table_id               = (known after apply)
      + default_security_group_id            = (known after apply)
      + dhcp_options_id                      = (known after apply)
      + enable_dns_hostnames                 = true
      + enable_dns_support                   = true
      + enable_network_address_usage_metrics = (known after apply)
      + id                                   = (known after apply)
      + instance_tenancy                     = "default"
      + ipv6_association_id                  = (known after apply)
      + ipv6_cidr_block                      = (known after apply)
      + ipv6_cidr_block_network_border_group = (known after apply)
      + main_route_table_id                  = (known after apply)
      + owner_id                             = (known after apply)
      + tags                                 = {
          + "Managed" = "terraform"
          + "Name"    = "epicac-vpc"
          + "Project" = "epicac"
        }
      + tags_all                             = {
          + "Managed" = "terraform"
          + "Name"    = "epicac-vpc"
          + "Project" = "epicac"
        }
    }

  # module.eks.module.eks_managed_node_group["default"].aws_eks_node_group.this[0] will be created
  + resource "aws_eks_node_group" "this" {
      + ami_type               = "AL2_x86_64"
      + arn                    = (known after apply)
      + capacity_type          = (known after apply)
      + cluster_name           = (known after apply)
      + disk_size              = (known after apply)
      + id                     = (known after apply)
      + instance_types         = [
          + "t3.medium",
        ]
      + node_group_name        = (known after apply)
      + node_group_name_prefix = "epicac-ng-"
      + node_role_arn          = (known after apply)
      + release_version        = (known after apply)
      + resources              = (known after apply)
      + status                 = (known after apply)
      + subnet_ids             = (known after apply)
      + tags                   = {
          + "Managed" = "terraform"
          + "Name"    = "epicac-ng"
          + "Project" = "epicac"
        }
      + tags_all               = {
          + "Managed" = "terraform"
          + "Name"    = "epicac-ng"
          + "Project" = "epicac"
        }
      + version                = "1.29"

      + launch_template {
          + id      = (known after apply)
          + name    = (known after apply)
          + version = (known after apply)
        }

      + node_repair_config (known after apply)

      + scaling_config {
          + desired_size = 2
          + max_size     = 3
          + min_size     = 1
        }

      + timeouts {}

      + update_config {
          + max_unavailable_percentage = 33
        }
    }

  # module.eks.module.eks_managed_node_group["default"].aws_iam_role.this[0] will be created
  + resource "aws_iam_role" "this" {
      + arn                   = (known after apply)
      + assume_role_policy    = jsonencode(
            {
              + Statement = [
                  + {
                      + Action    = "sts:AssumeRole"
                      + Effect    = "Allow"
                      + Principal = {
                          + Service = "ec2.amazonaws.com"
                        }
                      + Sid       = "EKSNodeAssumeRole"
                    },
                ]
              + Version   = "2012-10-17"
            }
        )
      + create_date           = (known after apply)
      + description           = "EKS managed node group IAM role"
      + force_detach_policies = true
      + id                    = (known after apply)
      + managed_policy_arns   = (known after apply)
      + max_session_duration  = 3600
      + name                  = (known after apply)
      + name_prefix           = "epicac-ng-eks-node-group-"
      + path                  = "/"
      + tags                  = {
          + "Managed" = "terraform"
          + "Project" = "epicac"
        }
      + tags_all              = {
          + "Managed" = "terraform"
          + "Project" = "epicac"
        }
      + unique_id             = (known after apply)

      + inline_policy (known after apply)
    }

  # module.eks.module.eks_managed_node_group["default"].aws_iam_role_policy_attachment.this["AmazonEC2ContainerRegistryReadOnly"] will be created
  + resource "aws_iam_role_policy_attachment" "this" {
      + id         = (known after apply)
      + policy_arn = "arn:aws:iam::aws:policy/AmazonEC2ContainerRegistryReadOnly"
      + role       = (known after apply)
    }

  # module.eks.module.eks_managed_node_group["default"].aws_iam_role_policy_attachment.this["AmazonEKSWorkerNodePolicy"] will be created
  + resource "aws_iam_role_policy_attachment" "this" {
      + id         = (known after apply)
      + policy_arn = "arn:aws:iam::aws:policy/AmazonEKSWorkerNodePolicy"
      + role       = (known after apply)
    }

  # module.eks.module.eks_managed_node_group["default"].aws_iam_role_policy_attachment.this["AmazonEKS_CNI_Policy"] will be created
  + resource "aws_iam_role_policy_attachment" "this" {
      + id         = (known after apply)
      + policy_arn = "arn:aws:iam::aws:policy/AmazonEKS_CNI_Policy"
      + role       = (known after apply)
    }

  # module.eks.module.eks_managed_node_group["default"].aws_launch_template.this[0] will be created
  + resource "aws_launch_template" "this" {
      + arn                    = (known after apply)
      + default_version        = (known after apply)
      + description            = "Custom launch template for epicac-ng EKS managed node group"
      + id                     = (known after apply)
      + latest_version         = (known after apply)
      + name                   = (known after apply)
      + name_prefix            = "default-"
      + tags                   = {
          + "Managed" = "terraform"
          + "Project" = "epicac"
        }
      + tags_all               = {
          + "Managed" = "terraform"
          + "Project" = "epicac"
        }
      + update_default_version = true
      + vpc_security_group_ids = (known after apply)
        # (2 unchanged attributes hidden)

      + metadata_options {
          + http_endpoint               = "enabled"
          + http_protocol_ipv6          = (known after apply)
          + http_put_response_hop_limit = 2
          + http_tokens                 = "required"
          + instance_metadata_tags      = (known after apply)
        }

      + monitoring {
          + enabled = true
        }

      + tag_specifications {
          + resource_type = "instance"
          + tags          = {
              + "Managed" = "terraform"
              + "Name"    = "epicac-ng"
              + "Project" = "epicac"
            }
        }
      + tag_specifications {
          + resource_type = "network-interface"
          + tags          = {
              + "Managed" = "terraform"
              + "Name"    = "epicac-ng"
              + "Project" = "epicac"
            }
        }
      + tag_specifications {
          + resource_type = "volume"
          + tags          = {
              + "Managed" = "terraform"
              + "Name"    = "epicac-ng"
              + "Project" = "epicac"
            }
        }
    }

  # module.eks.module.kms.data.aws_iam_policy_document.this[0] will be read during apply
  # (config refers to values not yet known)
 <= data "aws_iam_policy_document" "this" {
      + id                        = (known after apply)
      + json                      = (known after apply)
      + minified_json             = (known after apply)
      + override_policy_documents = []
      + source_policy_documents   = []

      + statement {
          + actions   = [
              + "kms:*",
            ]
          + resources = [
              + "*",
            ]
          + sid       = "Default"

          + principals {
              + identifiers = [
                  + "arn:aws:iam::000000000000:root",
                ]
              + type        = "AWS"
            }
        }
      + statement {
          + actions   = [
              + "kms:CancelKeyDeletion",
              + "kms:Create*",
              + "kms:Delete*",
              + "kms:Describe*",
              + "kms:Disable*",
              + "kms:Enable*",
              + "kms:Get*",
              + "kms:ImportKeyMaterial",
              + "kms:List*",
              + "kms:Put*",
              + "kms:ReplicateKey",
              + "kms:Revoke*",
              + "kms:ScheduleKeyDeletion",
              + "kms:TagResource",
              + "kms:UntagResource",
              + "kms:Update*",
            ]
          + resources = [
              + "*",
            ]
          + sid       = "KeyAdministration"

          + principals {
              + identifiers = [
                  + "arn:aws:iam::000000000000:root",
                ]
              + type        = "AWS"
            }
        }
      + statement {
          + actions   = [
              + "kms:Decrypt",
              + "kms:DescribeKey",
              + "kms:Encrypt",
              + "kms:GenerateDataKey*",
              + "kms:ReEncrypt*",
            ]
          + resources = [
              + "*",
            ]
          + sid       = "KeyUsage"

          + principals {
              + identifiers = [
                  + (known after apply),
                ]
              + type        = "AWS"
            }
        }
    }

  # module.eks.module.kms.aws_kms_alias.this["cluster"] will be created
  + resource "aws_kms_alias" "this" {
      + arn            = (known after apply)
      + id             = (known after apply)
      + name           = "alias/eks/epicac-eks"
      + name_prefix    = (known after apply)
      + target_key_arn = (known after apply)
      + target_key_id  = (known after apply)
    }

  # module.eks.module.kms.aws_kms_key.this[0] will be created
  + resource "aws_kms_key" "this" {
      + arn                                = (known after apply)
      + bypass_policy_lockout_safety_check = false
      + customer_master_key_spec           = "SYMMETRIC_DEFAULT"
      + description                        = "epicac-eks cluster encryption key"
      + enable_key_rotation                = true
      + id                                 = (known after apply)
      + is_enabled                         = true
      + key_id                             = (known after apply)
      + key_usage                          = "ENCRYPT_DECRYPT"
      + multi_region                       = false
      + policy                             = (known after apply)
      + rotation_period_in_days            = (known after apply)
      + tags                               = {
          + "Managed"               = "terraform"
          + "Project"               = "epicac"
          + "terraform-aws-modules" = "eks"
        }
      + tags_all                           = {
          + "Managed"               = "terraform"
          + "Project"               = "epicac"
          + "terraform-aws-modules" = "eks"
        }
    }

  # module.eks.module.eks_managed_node_group["default"].module.user_data.null_resource.validate_cluster_service_cidr will be created
  + resource "null_resource" "validate_cluster_service_cidr" {
      + id = (known after apply)
    }

Plan: 69 to add, 0 to change, 0 to destroy.

Changes to Outputs:
  + ecr_repository_url    = (known after apply)
  + eks_cluster_name      = "epicac-eks"
  + pod_identity_role_arn = (known after apply)
  + vpc_id                = (known after apply)
module.vpc.aws_vpc.this[0]: Creating...
aws_iam_policy.pod_identity: Creating...
aws_ecr_repository.this: Creating...
module.eks.aws_cloudwatch_log_group.this[0]: Creating...
module.eks.aws_iam_role.this[0]: Creating...
aws_iam_role.pod_identity: Creating...
module.eks.aws_iam_policy.custom[0]: Creating...
aws_iam_role.pod_identity: Creation complete after 1s [id=epicac-pod-identity]
module.eks.aws_iam_role.this[0]: Creation complete after 1s [id=epicac-eks-cluster-20260127140746325800000001]
module.eks.aws_iam_policy.custom[0]: Creation complete after 1s [id=arn:aws:iam::000000000000:policy/epicac-eks-cluster-20260127140746326300000002]
module.eks.aws_iam_role_policy_attachment.this["AmazonEKSClusterPolicy"]: Creating...
module.eks.aws_iam_role_policy_attachment.custom[0]: Creating...
module.eks.aws_iam_role_policy_attachment.this["AmazonEKSVPCResourceController"]: Creating...
module.eks.module.kms.data.aws_iam_policy_document.this[0]: Reading...
module.eks.module.kms.data.aws_iam_policy_document.this[0]: Read complete after 0s [id=3821111795]
module.eks.module.kms.aws_kms_key.this[0]: Creating...
module.eks.aws_iam_role_policy_attachment.custom[0]: Creation complete after 0s [id=epicac-eks-cluster-20260127140746325800000001-20260127140747180700000005]
module.eks.aws_iam_role_policy_attachment.this["AmazonEKSClusterPolicy"]: Creation complete after 0s [id=epicac-eks-cluster-20260127140746325800000001-20260127140747180200000003]
module.eks.aws_iam_role_policy_attachment.this["AmazonEKSVPCResourceController"]: Creation complete after 0s [id=epicac-eks-cluster-20260127140746325800000001-20260127140747180300000004]
module.eks.aws_cloudwatch_log_group.this[0]: Creation complete after 2s [id=/aws/eks/epicac-eks/cluster]
aws_ecr_repository.this: Creation complete after 3s [id=epicac]
aws_ecr_lifecycle_policy.this: Creating...
aws_ecr_lifecycle_policy.this: Creation complete after 0s [id=epicac]
module.vpc.aws_vpc.this[0]: Still creating... [00m10s elapsed]
module.vpc.aws_vpc.this[0]: Creation complete after 10s [id=vpc-cc4a660681891c88d]
module.vpc.aws_default_security_group.this[0]: Creating...
module.vpc.aws_route_table.private[0]: Creating...
module.vpc.aws_default_route_table.default[0]: Creating...
module.vpc.aws_subnet.public[0]: Creating...
module.vpc.aws_subnet.private[1]: Creating...
module.vpc.aws_subnet.private[0]: Creating...
module.vpc.aws_subnet.public[1]: Creating...
module.vpc.aws_default_network_acl.this[0]: Creating...
module.vpc.aws_route_table.public[0]: Creating...
module.vpc.aws_subnet.private[1]: Creation complete after 1s [id=subnet-a34d731703ea201d0]
module.vpc.aws_subnet.public[0]: Creation complete after 1s [id=subnet-0e3c385987229e885]
module.vpc.aws_internet_gateway.this[0]: Creating...
module.vpc.aws_default_route_table.default[0]: Creation complete after 1s [id=rtb-3995f348e1cbc454b]
module.vpc.aws_subnet.public[1]: Creation complete after 1s [id=subnet-0d359e05cf156571b]
module.vpc.aws_subnet.private[0]: Creation complete after 1s [id=subnet-cec8a78492c23e866]
module.eks.aws_security_group.cluster[0]: Creating...
module.vpc.aws_default_security_group.this[0]: Creation complete after 1s [id=sg-05ee8ae7e3dce9b5f]
module.eks.aws_security_group.node[0]: Creating...
module.vpc.aws_internet_gateway.this[0]: Creation complete after 0s [id=igw-5631ae39f1b985faf]
module.vpc.aws_eip.nat[0]: Creating...
module.eks.module.eks_managed_node_group["default"].aws_iam_role.this[0]: Creating...
module.vpc.aws_eip.nat[0]: Creation complete after 0s [id=eipalloc-3e54a43bba3e4490e]
module.eks.module.eks_managed_node_group["default"].aws_iam_role.this[0]: Creation complete after 0s [id=epicac-ng-eks-node-group-2026012714075664170000000a]
module.vpc.aws_default_network_acl.this[0]: Creation complete after 1s [id=acl-4f50f0273832d5ed7]
module.vpc.aws_route_table.private[0]: Creation complete after 1s [id=rtb-7545ba6238741ce4c]
module.vpc.aws_route_table.public[0]: Creation complete after 1s [id=rtb-fe409c75ddfb54b98]
module.eks.module.eks_managed_node_group["default"].aws_iam_role_policy_attachment.this["AmazonEC2ContainerRegistryReadOnly"]: Creating...
module.eks.module.eks_managed_node_group["default"].aws_iam_role_policy_attachment.this["AmazonEKS_CNI_Policy"]: Creating...
module.eks.module.eks_managed_node_group["default"].aws_iam_role_policy_attachment.this["AmazonEKSWorkerNodePolicy"]: Creating...
module.vpc.aws_nat_gateway.this[0]: Creating...
module.vpc.aws_route_table_association.private[0]: Creating...
module.vpc.aws_route_table_association.private[1]: Creating...
module.vpc.aws_route_table_association.public[1]: Creating...
module.eks.module.eks_managed_node_group["default"].aws_iam_role_policy_attachment.this["AmazonEKS_CNI_Policy"]: Creation complete after 0s [id=epicac-ng-eks-node-group-2026012714075664170000000a-2026012714075673640000000c]
module.eks.module.eks_managed_node_group["default"].aws_iam_role_policy_attachment.this["AmazonEC2ContainerRegistryReadOnly"]: Creation complete after 0s [id=epicac-ng-eks-node-group-2026012714075664170000000a-2026012714075674150000000d]
module.vpc.aws_route_table_association.public[0]: Creating...
module.vpc.aws_route.public_internet_gateway[0]: Creating...
module.eks.module.eks_managed_node_group["default"].aws_iam_role_policy_attachment.this["AmazonEKSWorkerNodePolicy"]: Creation complete after 0s [id=epicac-ng-eks-node-group-2026012714075664170000000a-2026012714075674790000000e]
module.vpc.aws_nat_gateway.this[0]: Creation complete after 0s [id=nat-61e79aecb507d9209]
module.vpc.aws_route_table_association.private[0]: Creation complete after 0s [id=rtbassoc-b0c5623f5a4c0daff]
module.vpc.aws_route_table_association.private[1]: Creation complete after 0s [id=rtbassoc-189634b007fc643cc]
module.vpc.aws_route_table_association.public[1]: Creation complete after 0s [id=rtbassoc-2dd513cb058141438]
module.vpc.aws_route.private_nat_gateway[0]: Creating...
module.vpc.aws_route_table_association.public[0]: Creation complete after 0s [id=rtbassoc-8c64e78d6d2e6de85]
module.eks.aws_security_group.node[0]: Creation complete after 0s [id=sg-322ffa2a8d6324c2b]
module.vpc.aws_route.public_internet_gateway[0]: Creation complete after 0s [id=r-rtb-fe409c75ddfb54b981080289494]
module.eks.aws_security_group.cluster[0]: Creation complete after 0s [id=sg-9e258bf397ea6ad9b]
module.vpc.aws_route.private_nat_gateway[0]: Creation complete after 0s [id=r-rtb-7545ba6238741ce4c1080289494]
module.eks.aws_security_group_rule.node["ingress_cluster_6443_webhook"]: Creating...
module.eks.aws_security_group_rule.node["ingress_cluster_443"]: Creating...
module.eks.aws_security_group_rule.node["ingress_cluster_9443_webhook"]: Creating...
module.eks.aws_security_group_rule.node["ingress_cluster_kubelet"]: Creating...
module.eks.aws_security_group_rule.node["ingress_self_coredns_udp"]: Creating...
module.eks.aws_security_group_rule.node["ingress_cluster_4443_webhook"]: Creating...
module.eks.aws_security_group_rule.cluster["ingress_nodes_443"]: Creating...
module.eks.aws_security_group_rule.node["ingress_cluster_8443_webhook"]: Creating...
module.eks.aws_security_group_rule.node["egress_all"]: Creating...
module.eks.aws_security_group_rule.node["ingress_cluster_6443_webhook"]: Creation complete after 0s [id=sgrule-3837312606]
module.eks.aws_security_group_rule.cluster["ingress_nodes_443"]: Creation complete after 0s [id=sgrule-4136024890]
module.eks.aws_security_group_rule.node["ingress_cluster_kubelet"]: Creation complete after 0s [id=sgrule-4290961673]
module.eks.aws_security_group_rule.node["ingress_cluster_9443_webhook"]: Creation complete after 0s [id=sgrule-2470818228]
module.eks.aws_security_group_rule.node["ingress_self_coredns_tcp"]: Creating...
module.eks.aws_security_group_rule.node["ingress_cluster_8443_webhook"]: Creation complete after 0s [id=sgrule-4158947967]
module.eks.aws_security_group_rule.node["ingress_nodes_ephemeral"]: Creating...
module.eks.aws_security_group_rule.node["ingress_cluster_443"]: Creation complete after 0s [id=sgrule-1745312757]
module.eks.aws_security_group_rule.node["ingress_cluster_4443_webhook"]: Creation complete after 0s [id=sgrule-771414472]
module.eks.aws_security_group_rule.node["ingress_self_coredns_udp"]: Creation complete after 0s [id=sgrule-1685683892]
module.eks.aws_security_group_rule.node["egress_all"]: Creation complete after 0s [id=sgrule-2320748786]
module.eks.aws_security_group_rule.node["ingress_self_coredns_tcp"]: Creation complete after 0s [id=sgrule-3223772507]
module.eks.aws_security_group_rule.node["ingress_nodes_ephemeral"]: Creation complete after 0s [id=sgrule-4057314203]
module.eks.module.kms.aws_kms_key.this[0]: Still creating... [00m10s elapsed]
module.eks.module.kms.aws_kms_key.this[0]: Creation complete after 13s [id=214e0f16-6d26-4fc2-b809-0610e3a71b80]
module.eks.module.kms.aws_kms_alias.this["cluster"]: Creating...
module.eks.aws_iam_policy.cluster_encryption[0]: Creating...
module.eks.aws_eks_cluster.this[0]: Creating...
module.eks.module.kms.aws_kms_alias.this["cluster"]: Creation complete after 0s [id=alias/eks/epicac-eks]
module.eks.aws_iam_policy.cluster_encryption[0]: Creation complete after 0s [id=arn:aws:iam::000000000000:policy/epicac-eks-cluster-ClusterEncryption2026012714075998440000000f]
module.eks.aws_iam_role_policy_attachment.cluster_encryption[0]: Creating...
module.eks.aws_iam_role_policy_attachment.cluster_encryption[0]: Creation complete after 0s [id=epicac-eks-cluster-20260127140746325800000001-20260127140800044300000010]
module.eks.aws_eks_cluster.this[0]: Still creating... [00m10s elapsed]
module.eks.aws_eks_cluster.this[0]: Still creating... [00m20s elapsed]
module.eks.aws_eks_cluster.this[0]: Still creating... [00m30s elapsed]
module.eks.aws_eks_cluster.this[0]: Still creating... [00m40s elapsed]
module.eks.aws_eks_cluster.this[0]: Still creating... [00m50s elapsed]
module.eks.aws_eks_cluster.this[0]: Still creating... [01m00s elapsed]
module.eks.aws_eks_cluster.this[0]: Still creating... [01m10s elapsed]
module.eks.aws_eks_cluster.this[0]: Still creating... [01m20s elapsed]
module.eks.aws_eks_cluster.this[0]: Still creating... [01m30s elapsed]
module.eks.aws_eks_cluster.this[0]: Still creating... [01m40s elapsed]
module.eks.aws_eks_cluster.this[0]: Still creating... [01m50s elapsed]
module.eks.aws_eks_cluster.this[0]: Still creating... [02m00s elapsed]
module.eks.aws_eks_cluster.this[0]: Still creating... [02m10s elapsed]
module.eks.aws_eks_cluster.this[0]: Still creating... [02m20s elapsed]
module.eks.aws_eks_cluster.this[0]: Still creating... [02m30s elapsed]
module.eks.aws_eks_cluster.this[0]: Still creating... [02m40s elapsed]
