{"format_version":"1.2","terraform_version":"1.13.5","variables":{"app_name":{"value":"mkdocs-demo"},"environment":{"value":"dev"},"force_destroy":{"value":false},"github_oidc_provider_arn":{"value":""},"github_subjects":{"value":[]},"region":{"value":"us-east-1"},"tags":{"value":{"Managed":"terraform","Project":"mkdocs-demo"}}},"planned_values":{"outputs":{"artifacts_bucket_name":{"sensitive":false,"type":"string","value":"mkdocs-demo-artifacts-dev"},"github_actions_role_arn":{"sensitive":false},"site_bucket_name":{"sensitive":false,"type":"string","value":"mkdocs-demo-dev"},"site_website_endpoint":{"sensitive":false}},"root_module":{"resources":[{"address":"aws_iam_policy.github_actions_deploy","mode":"managed","type":"aws_iam_policy","name":"github_actions_deploy","provider_name":"registry.terraform.io/hashicorp/aws","schema_version":0,"values":{"delay_after_policy_creation_in_ms":null,"description":"Permissions for GitHub Actions to upload MkDocs site to S3.","name":"mkdocs-demo-dev-github-actions-deploy","path":"/","tags":null,"tags_all":{"Managed":"terraform","Project":"mkdocs-demo"}},"sensitive_values":{"tags_all":{}},"identity_schema_version":0,"identity":{"arn":null}},{"address":"aws_iam_role.github_actions_deploy","mode":"managed","type":"aws_iam_role","name":"github_actions_deploy","provider_name":"registry.terraform.io/hashicorp/aws","schema_version":0,"values":{"assume_role_policy":"{\"Statement\":[{\"Action\":\"sts:AssumeRoleWithWebIdentity\",\"Condition\":{\"StringEquals\":{\"token.actions.githubusercontent.com:aud\":\"sts.amazonaws.com\"},\"StringLike\":{\"token.actions.githubusercontent.com:sub\":[]}},\"Effect\":\"Allow\",\"Principal\":{\"Federated\":\"\"}}],\"Version\":\"2012-10-17\"}","description":null,"force_detach_policies":false,"max_session_duration":3600,"name":"mkdocs-demo-dev-github-actions-deploy","path":"/","permissions_boundary":null,"tags":null,"tags_all":{"Managed":"terraform","Project":"mkdocs-demo"}},"sensitive_values":{"inline_policy":[],"managed_policy_arns":[],"tags_all":{}},"identity_schema_version":0,"identity":{"account_id":null,"name":null}},{"address":"aws_iam_role_policy_attachment.github_actions_deploy","mode":"managed","type":"aws_iam_role_policy_attachment","name":"github_actions_deploy","provider_name":"registry.terraform.io/hashicorp/aws","schema_version":0,"values":{"role":"mkdocs-demo-dev-github-actions-deploy"},"sensitive_values":{},"identity_schema_version":0,"identity":{"account_id":null,"policy_arn":null,"role":null}},{"address":"aws_s3_bucket.artifacts","mode":"managed","type":"aws_s3_bucket","name":"artifacts","provider_name":"registry.terraform.io/hashicorp/aws","schema_version":0,"values":{"bucket":"mkdocs-demo-artifacts-dev","force_destroy":false,"region":"us-east-1","tags":null,"tags_all":{"Managed":"terraform","Project":"mkdocs-demo"},"timeouts":null},"sensitive_values":{"cors_rule":[],"grant":[],"lifecycle_rule":[],"logging":[],"object_lock_configuration":[],"replication_configuration":[],"server_side_encryption_configuration":[],"tags_all":{},"versioning":[],"website":[]},"identity_schema_version":0,"identity":{"account_id":null,"bucket":null,"region":null}},{"address":"aws_s3_bucket.site","mode":"managed","type":"aws_s3_bucket","name":"site","provider_name":"registry.terraform.io/hashicorp/aws","schema_version":0,"values":{"bucket":"mkdocs-demo-dev","force_destroy":false,"region":"us-east-1","tags":null,"tags_all":{"Managed":"terraform","Project":"mkdocs-demo"},"timeouts":null},"sensitive_values":{"cors_rule":[],"grant":[],"lifecycle_rule":[],"logging":[],"object_lock_configuration":[],"replication_configuration":[],"server_side_encryption_configuration":[],"tags_all":{},"versioning":[],"website":[]},"identity_schema_version":0,"identity":{"account_id":null,"bucket":null,"region":null}},{"address":"aws_s3_bucket_policy.site","mode":"managed","type":"aws_s3_bucket_policy","name":"site","provider_name":"registry.terraform.io/hashicorp/aws","schema_version":0,"values":{"region":"us-east-1"},"sensitive_values":{},"identity_schema_version":0,"identity":{"account_id":null,"bucket":null,"region":null}},{"address":"aws_s3_bucket_public_access_block.site","mode":"managed","type":"aws_s3_bucket_public_access_block","name":"site","provider_name":"registry.terraform.io/hashicorp/aws","schema_version":0,"values":{"block_public_acls":true,"block_public_policy":false,"ignore_public_acls":true,"region":"us-east-1","restrict_public_buckets":false,"skip_destroy":null},"sensitive_values":{},"identity_schema_version":0,"identity":{"account_id":null,"bucket":null,"region":null}},{"address":"aws_s3_bucket_server_side_encryption_configuration.artifacts","mode":"managed","type":"aws_s3_bucket_server_side_encryption_configuration","name":"artifacts","provider_name":"registry.terraform.io/hashicorp/aws","schema_version":0,"values":{"expected_bucket_owner":null,"region":"us-east-1","rule":[{"apply_server_side_encryption_by_default":[{"kms_master_key_id":"","sse_algorithm":"AES256"}],"blocked_encryption_types":[],"bucket_key_enabled":null}]},"sensitive_values":{"rule":[{"apply_server_side_encryption_by_default":[{}],"blocked_encryption_types":[]}]},"identity_schema_version":0,"identity":{"account_id":null,"bucket":null,"expected_bucket_owner":null,"region":null}},{"address":"aws_s3_bucket_server_side_encryption_configuration.site","mode":"managed","type":"aws_s3_bucket_server_side_encryption_configuration","name":"site","provider_name":"registry.terraform.io/hashicorp/aws","schema_version":0,"values":{"expected_bucket_owner":null,"region":"us-east-1","rule":[{"apply_server_side_encryption_by_default":[{"kms_master_key_id":"","sse_algorithm":"AES256"}],"blocked_encryption_types":[],"bucket_key_enabled":null}]},"sensitive_values":{"rule":[{"apply_server_side_encryption_by_default":[{}],"blocked_encryption_types":[]}]},"identity_schema_version":0,"identity":{"account_id":null,"bucket":null,"expected_bucket_owner":null,"region":null}},{"address":"aws_s3_bucket_versioning.artifacts","mode":"managed","type":"aws_s3_bucket_versioning","name":"artifacts","provider_name":"registry.terraform.io/hashicorp/aws","schema_version":0,"values":{"expected_bucket_owner":null,"mfa":null,"region":"us-east-1","versioning_configuration":[{"status":"Enabled"}]},"sensitive_values":{"versioning_configuration":[{}]},"identity_schema_version":0,"identity":{"account_id":null,"bucket":null,"expected_bucket_owner":null,"region":null}},{"address":"aws_s3_bucket_versioning.site","mode":"managed","type":"aws_s3_bucket_versioning","name":"site","provider_name":"registry.terraform.io/hashicorp/aws","schema_version":0,"values":{"expected_bucket_owner":null,"mfa":null,"region":"us-east-1","versioning_configuration":[{"status":"Enabled"}]},"sensitive_values":{"versioning_configuration":[{}]},"identity_schema_version":0,"identity":{"account_id":null,"bucket":null,"expected_bucket_owner":null,"region":null}},{"address":"aws_s3_bucket_website_configuration.site","mode":"managed","type":"aws_s3_bucket_website_configuration","name":"site","provider_name":"registry.terraform.io/hashicorp/aws","schema_version":0,"values":{"error_document":[{"key":"404.html"}],"expected_bucket_owner":null,"index_document":[{"suffix":"index.html"}],"redirect_all_requests_to":[],"region":"us-east-1"},"sensitive_values":{"error_document":[{}],"index_document":[{}],"redirect_all_requests_to":[],"routing_rule":[]},"identity_schema_version":0,"identity":{"account_id":null,"bucket":null,"expected_bucket_owner":null,"region":null}},{"address":"data.aws_iam_policy_document.site_public_read","mode":"data","type":"aws_iam_policy_document","name":"site_public_read","provider_name":"registry.terraform.io/hashicorp/aws","schema_version":0,"values":{"override_json":null,"override_policy_documents":null,"policy_id":null,"source_json":null,"source_policy_documents":null,"statement":[{"actions":["s3:GetObject"],"condition":[],"effect":"Allow","not_actions":null,"not_principals":[],"not_resources":null,"principals":[{"identifiers":["*"],"type":"*"}],"resources":[null],"sid":"PublicReadGetObject"}],"version":null},"sensitive_values":{"statement":[{"actions":[false],"condition":[],"not_principals":[],"principals":[{"identifiers":[false]}],"resources":[false]}]}}]}},"resource_changes":[{"address":"data.aws_iam_policy_document.site_public_read","mode":"data","type":"aws_iam_policy_document","name":"site_public_read","provider_name":"registry.terraform.io/hashicorp/aws","change":{"actions":["read"],"before":null,"after":{"override_json":null,"override_policy_documents":null,"policy_id":null,"source_json":null,"source_policy_documents":null,"statement":[{"actions":["s3:GetObject"],"condition":[],"effect":"Allow","not_actions":null,"not_principals":[],"not_resources":null,"principals":[{"identifiers":["*"],"type":"*"}],"resources":[null],"sid":"PublicReadGetObject"}],"version":null},"after_unknown":{"id":true,"json":true,"minified_json":true,"statement":[{"actions":[false],"condition":[],"not_principals":[],"principals":[{"identifiers":[false]}],"resources":[true]}]},"before_sensitive":false,"after_sensitive":{"statement":[{"actions":[false],"condition":[],"not_principals":[],"principals":[{"identifiers":[false]}],"resources":[false]}]}},"action_reason":"read_because_config_unknown"},{"address":"aws_iam_policy.github_actions_deploy","mode":"managed","type":"aws_iam_policy","name":"github_actions_deploy","provider_name":"registry.terraform.io/hashicorp/aws","change":{"actions":["create"],"before":null,"after":{"delay_after_policy_creation_in_ms":null,"description":"Permissions for GitHub Actions to upload MkDocs site to S3.","name":"mkdocs-demo-dev-github-actions-deploy","path":"/","tags":null,"tags_all":{"Managed":"terraform","Project":"mkdocs-demo"}},"after_unknown":{"arn":true,"attachment_count":true,"id":true,"name_prefix":true,"policy":true,"policy_id":true,"tags_all":{}},"before_sensitive":false,"after_sensitive":{"tags_all":{}},"after_identity":{"arn":null}}},{"address":"aws_iam_role.github_actions_deploy","mode":"managed","type":"aws_iam_role","name":"github_actions_deploy","provider_name":"registry.terraform.io/hashicorp/aws","change":{"actions":["create"],"before":null,"after":{"assume_role_policy":"{\"Statement\":[{\"Action\":\"sts:AssumeRoleWithWebIdentity\",\"Condition\":{\"StringEquals\":{\"token.actions.githubusercontent.com:aud\":\"sts.amazonaws.com\"},\"StringLike\":{\"token.actions.githubusercontent.com:sub\":[]}},\"Effect\":\"Allow\",\"Principal\":{\"Federated\":\"\"}}],\"Version\":\"2012-10-17\"}","description":null,"force_detach_policies":false,"max_session_duration":3600,"name":"mkdocs-demo-dev-github-actions-deploy","path":"/","permissions_boundary":null,"tags":null,"tags_all":{"Managed":"terraform","Project":"mkdocs-demo"}},"after_unknown":{"arn":true,"create_date":true,"id":true,"inline_policy":true,"managed_policy_arns":true,"name_prefix":true,"tags_all":{},"unique_id":true},"before_sensitive":false,"after_sensitive":{"inline_policy":[],"managed_policy_arns":[],"tags_all":{}},"after_identity":{"account_id":null,"name":null}}},{"address":"aws_iam_role_policy_attachment.github_actions_deploy","mode":"managed","type":"aws_iam_role_policy_attachment","name":"github_actions_deploy","provider_name":"registry.terraform.io/hashicorp/aws","change":{"actions":["create"],"before":null,"after":{"role":"mkdocs-demo-dev-github-actions-deploy"},"after_unknown":{"id":true,"policy_arn":true},"before_sensitive":false,"after_sensitive":{},"after_identity":{"account_id":null,"policy_arn":null,"role":null}}},{"address":"aws_s3_bucket.artifacts","mode":"managed","type":"aws_s3_bucket","name":"artifacts","provider_name":"registry.terraform.io/hashicorp/aws","change":{"actions":["create"],"before":null,"after":{"bucket":"mkdocs-demo-artifacts-dev","force_destroy":false,"region":"us-east-1","tags":null,"tags_all":{"Managed":"terraform","Project":"mkdocs-demo"},"timeouts":null},"after_unknown":{"acceleration_status":true,"acl":true,"arn":true,"bucket_domain_name":true,"bucket_prefix":true,"bucket_region":true,"bucket_regional_domain_name":true,"cors_rule":true,"grant":true,"hosted_zone_id":true,"id":true,"lifecycle_rule":true,"logging":true,"object_lock_configuration":true,"object_lock_enabled":true,"policy":true,"replication_configuration":true,"request_payer":true,"server_side_encryption_configuration":true,"tags_all":{},"versioning":true,"website":true,"website_domain":true,"website_endpoint":true},"before_sensitive":false,"after_sensitive":{"cors_rule":[],"grant":[],"lifecycle_rule":[],"logging":[],"object_lock_configuration":[],"replication_configuration":[],"server_side_encryption_configuration":[],"tags_all":{},"versioning":[],"website":[]},"after_identity":{"account_id":null,"bucket":null,"region":null}}},{"address":"aws_s3_bucket.site","mode":"managed","type":"aws_s3_bucket","name":"site","provider_name":"registry.terraform.io/hashicorp/aws","change":{"actions":["create"],"before":null,"after":{"bucket":"mkdocs-demo-dev","force_destroy":false,"region":"us-east-1","tags":null,"tags_all":{"Managed":"terraform","Project":"mkdocs-demo"},"timeouts":null},"after_unknown":{"acceleration_status":true,"acl":true,"arn":true,"bucket_domain_name":true,"bucket_prefix":true,"bucket_region":true,"bucket_regional_domain_name":true,"cors_rule":true,"grant":true,"hosted_zone_id":true,"id":true,"lifecycle_rule":true,"logging":true,"object_lock_configuration":true,"object_lock_enabled":true,"policy":true,"replication_configuration":true,"request_payer":true,"server_side_encryption_configuration":true,"tags_all":{},"versioning":true,"website":true,"website_domain":true,"website_endpoint":true},"before_sensitive":false,"after_sensitive":{"cors_rule":[],"grant":[],"lifecycle_rule":[],"logging":[],"object_lock_configuration":[],"replication_configuration":[],"server_side_encryption_configuration":[],"tags_all":{},"versioning":[],"website":[]},"after_identity":{"account_id":null,"bucket":null,"region":null}}},{"address":"aws_s3_bucket_policy.site","mode":"managed","type":"aws_s3_bucket_policy","name":"site","provider_name":"registry.terraform.io/hashicorp/aws","change":{"actions":["create"],"before":null,"after":{"region":"us-east-1"},"after_unknown":{"bucket":true,"id":true,"policy":true},"before_sensitive":false,"after_sensitive":{},"after_identity":{"account_id":null,"bucket":null,"region":null}}},{"address":"aws_s3_bucket_public_access_block.site","mode":"managed","type":"aws_s3_bucket_public_access_block","name":"site","provider_name":"registry.terraform.io/hashicorp/aws","change":{"actions":["create"],"before":null,"after":{"block_public_acls":true,"block_public_policy":false,"ignore_public_acls":true,"region":"us-east-1","restrict_public_buckets":false,"skip_destroy":null},"after_unknown":{"bucket":true,"id":true},"before_sensitive":false,"after_sensitive":{},"after_identity":{"account_id":null,"bucket":null,"region":null}}},{"address":"aws_s3_bucket_server_side_encryption_configuration.artifacts","mode":"managed","type":"aws_s3_bucket_server_side_encryption_configuration","name":"artifacts","provider_name":"registry.terraform.io/hashicorp/aws","change":{"actions":["create"],"before":null,"after":{"expected_bucket_owner":null,"region":"us-east-1","rule":[{"apply_server_side_encryption_by_default":[{"kms_master_key_id":"","sse_algorithm":"AES256"}],"blocked_encryption_types":[],"bucket_key_enabled":null}]},"after_unknown":{"bucket":true,"id":true,"rule":[{"apply_server_side_encryption_by_default":[{}],"blocked_encryption_types":[]}]},"before_sensitive":false,"after_sensitive":{"rule":[{"apply_server_side_encryption_by_default":[{}],"blocked_encryption_types":[]}]},"after_identity":{"account_id":null,"bucket":null,"expected_bucket_owner":null,"region":null}}},{"address":"aws_s3_bucket_server_side_encryption_configuration.site","mode":"managed","type":"aws_s3_bucket_server_side_encryption_configuration","name":"site","provider_name":"registry.terraform.io/hashicorp/aws","change":{"actions":["create"],"before":null,"after":{"expected_bucket_owner":null,"region":"us-east-1","rule":[{"apply_server_side_encryption_by_default":[{"kms_master_key_id":"","sse_algorithm":"AES256"}],"blocked_encryption_types":[],"bucket_key_enabled":null}]},"after_unknown":{"bucket":true,"id":true,"rule":[{"apply_server_side_encryption_by_default":[{}],"blocked_encryption_types":[]}]},"before_sensitive":false,"after_sensitive":{"rule":[{"apply_server_side_encryption_by_default":[{}],"blocked_encryption_types":[]}]},"after_identity":{"account_id":null,"bucket":null,"expected_bucket_owner":null,"region":null}}},{"address":"aws_s3_bucket_versioning.artifacts","mode":"managed","type":"aws_s3_bucket_versioning","name":"artifacts","provider_name":"registry.terraform.io/hashicorp/aws","change":{"actions":["create"],"before":null,"after":{"expected_bucket_owner":null,"mfa":null,"region":"us-east-1","versioning_configuration":[{"status":"Enabled"}]},"after_unknown":{"bucket":true,"id":true,"versioning_configuration":[{"mfa_delete":true}]},"before_sensitive":false,"after_sensitive":{"versioning_configuration":[{}]},"after_identity":{"account_id":null,"bucket":null,"expected_bucket_owner":null,"region":null}}},{"address":"aws_s3_bucket_versioning.site","mode":"managed","type":"aws_s3_bucket_versioning","name":"site","provider_name":"registry.terraform.io/hashicorp/aws","change":{"actions":["create"],"before":null,"after":{"expected_bucket_owner":null,"mfa":null,"region":"us-east-1","versioning_configuration":[{"status":"Enabled"}]},"after_unknown":{"bucket":true,"id":true,"versioning_configuration":[{"mfa_delete":true}]},"before_sensitive":false,"after_sensitive":{"versioning_configuration":[{}]},"after_identity":{"account_id":null,"bucket":null,"expected_bucket_owner":null,"region":null}}},{"address":"aws_s3_bucket_website_configuration.site","mode":"managed","type":"aws_s3_bucket_website_configuration","name":"site","provider_name":"registry.terraform.io/hashicorp/aws","change":{"actions":["create"],"before":null,"after":{"error_document":[{"key":"404.html"}],"expected_bucket_owner":null,"index_document":[{"suffix":"index.html"}],"redirect_all_requests_to":[],"region":"us-east-1"},"after_unknown":{"bucket":true,"error_document":[{}],"id":true,"index_document":[{}],"redirect_all_requests_to":[],"routing_rule":true,"routing_rules":true,"website_domain":true,"website_endpoint":true},"before_sensitive":false,"after_sensitive":{"error_document":[{}],"index_document":[{}],"redirect_all_requests_to":[],"routing_rule":[]},"after_identity":{"account_id":null,"bucket":null,"expected_bucket_owner":null,"region":null}}}],"output_changes":{"artifacts_bucket_name":{"actions":["create"],"before":null,"after":"mkdocs-demo-artifacts-dev","after_unknown":false,"before_sensitive":false,"after_sensitive":false},"github_actions_role_arn":{"actions":["create"],"before":null,"after_unknown":true,"before_sensitive":false,"after_sensitive":false},"site_bucket_name":{"actions":["create"],"before":null,"after":"mkdocs-demo-dev","after_unknown":false,"before_sensitive":false,"after_sensitive":false},"site_website_endpoint":{"actions":["create"],"before":null,"after_unknown":true,"before_sensitive":false,"after_sensitive":false}},"prior_state":{"format_version":"1.0","terraform_version":"1.13.5","values":{"outputs":{"artifacts_bucket_name":{"sensitive":false,"value":"mkdocs-demo-artifacts-dev","type":"string"},"site_bucket_name":{"sensitive":false,"value":"mkdocs-demo-dev","type":"string"}},"root_module":{}}},"configuration":{"provider_config":{"aws":{"name":"aws","full_name":"registry.terraform.io/hashicorp/aws","version_constraint":"\u003e= 5.0.0","expressions":{"default_tags":[{"tags":{"references":["var.tags"]}}],"region":{"references":["var.region"]}}}},"root_module":{"outputs":{"artifacts_bucket_name":{"expression":{"references":["aws_s3_bucket.artifacts.bucket","aws_s3_bucket.artifacts"]},"description":"S3 bucket name for CI/CD artifacts."},"github_actions_role_arn":{"expression":{"references":["aws_iam_role.github_actions_deploy.arn","aws_iam_role.github_actions_deploy"]},"description":"IAM role ARN for GitHub Actions deployments (OIDC)."},"site_bucket_name":{"expression":{"references":["aws_s3_bucket.site.bucket","aws_s3_bucket.site"]},"description":"S3 bucket name hosting the MkDocs static website."},"site_website_endpoint":{"expression":{"references":["aws_s3_bucket_website_configuration.site.website_endpoint","aws_s3_bucket_website_configuration.site"]},"description":"S3 static website endpoint (HTTP)."}},"resources":[{"address":"aws_iam_policy.github_actions_deploy","mode":"managed","type":"aws_iam_policy","name":"github_actions_deploy","provider_config_key":"aws","expressions":{"description":{"constant_value":"Permissions for GitHub Actions to upload MkDocs site to S3."},"name":{"references":["var.app_name","var.environment"]},"policy":{"references":["aws_s3_bucket.site.arn","aws_s3_bucket.site","aws_s3_bucket.site.arn","aws_s3_bucket.site","aws_s3_bucket.artifacts.arn","aws_s3_bucket.artifacts","aws_s3_bucket.artifacts.arn","aws_s3_bucket.artifacts"]}},"schema_version":0},{"address":"aws_iam_role.github_actions_deploy","mode":"managed","type":"aws_iam_role","name":"github_actions_deploy","provider_config_key":"aws","expressions":{"assume_role_policy":{"references":["var.github_oidc_provider_arn","var.github_subjects"]},"name":{"references":["var.app_name","var.environment"]}},"schema_version":0},{"address":"aws_iam_role_policy_attachment.github_actions_deploy","mode":"managed","type":"aws_iam_role_policy_attachment","name":"github_actions_deploy","provider_config_key":"aws","expressions":{"policy_arn":{"references":["aws_iam_policy.github_actions_deploy.arn","aws_iam_policy.github_actions_deploy"]},"role":{"references":["aws_iam_role.github_actions_deploy.name","aws_iam_role.github_actions_deploy"]}},"schema_version":0},{"address":"aws_s3_bucket.artifacts","mode":"managed","type":"aws_s3_bucket","name":"artifacts","provider_config_key":"aws","expressions":{"bucket":{"references":["local.artifacts_bucket_name"]},"force_destroy":{"references":["var.force_destroy"]}},"schema_version":0},{"address":"aws_s3_bucket.site","mode":"managed","type":"aws_s3_bucket","name":"site","provider_config_key":"aws","expressions":{"bucket":{"references":["local.site_bucket_name"]},"force_destroy":{"references":["var.force_destroy"]}},"schema_version":0},{"address":"aws_s3_bucket_policy.site","mode":"managed","type":"aws_s3_bucket_policy","name":"site","provider_config_key":"aws","expressions":{"bucket":{"references":["aws_s3_bucket.site.id","aws_s3_bucket.site"]},"policy":{"references":["data.aws_iam_policy_document.site_public_read.json","data.aws_iam_policy_document.site_public_read"]}},"schema_version":0,"depends_on":["aws_s3_bucket_public_access_block.site"]},{"address":"aws_s3_bucket_public_access_block.site","mode":"managed","type":"aws_s3_bucket_public_access_block","name":"site","provider_config_key":"aws","expressions":{"block_public_acls":{"constant_value":true},"block_public_policy":{"constant_value":false},"bucket":{"references":["aws_s3_bucket.site.id","aws_s3_bucket.site"]},"ignore_public_acls":{"constant_value":true},"restrict_public_buckets":{"constant_value":false}},"schema_version":0},{"address":"aws_s3_bucket_server_side_encryption_configuration.artifacts","mode":"managed","type":"aws_s3_bucket_server_side_encryption_configuration","name":"artifacts","provider_config_key":"aws","expressions":{"bucket":{"references":["aws_s3_bucket.artifacts.id","aws_s3_bucket.artifacts"]},"rule":[{"apply_server_side_encryption_by_default":[{"sse_algorithm":{"constant_value":"AES256"}}]}]},"schema_version":0},{"address":"aws_s3_bucket_server_side_encryption_configuration.site","mode":"managed","type":"aws_s3_bucket_server_side_encryption_configuration","name":"site","provider_config_key":"aws","expressions":{"bucket":{"references":["aws_s3_bucket.site.id","aws_s3_bucket.site"]},"rule":[{"apply_server_side_encryption_by_default":[{"sse_algorithm":{"constant_value":"AES256"}}]}]},"schema_version":0},{"address":"aws_s3_bucket_versioning.artifacts","mode":"managed","type":"aws_s3_bucket_versioning","name":"artifacts","provider_config_key":"aws","expressions":{"bucket":{"references":["aws_s3_bucket.artifacts.id","aws_s3_bucket.artifacts"]},"versioning_configuration":[{"status":{"constant_value":"Enabled"}}]},"schema_version":0},{"address":"aws_s3_bucket_versioning.site","mode":"managed","type":"aws_s3_bucket_versioning","name":"site","provider_config_key":"aws","expressions":{"bucket":{"references":["aws_s3_bucket.site.id","aws_s3_bucket.site"]},"versioning_configuration":[{"status":{"constant_value":"Enabled"}}]},"schema_version":0},{"address":"aws_s3_bucket_website_configuration.site","mode":"managed","type":"aws_s3_bucket_website_configuration","name":"site","provider_config_key":"aws","expressions":{"bucket":{"references":["aws_s3_bucket.site.id","aws_s3_bucket.site"]},"error_document":[{"key":{"constant_value":"404.html"}}],"index_document":[{"suffix":{"constant_value":"index.html"}}]},"schema_version":0},{"address":"data.aws_iam_policy_document.site_public_read","mode":"data","type":"aws_iam_policy_document","name":"site_public_read","provider_config_key":"aws","expressions":{"statement":[{"actions":{"constant_value":["s3:GetObject"]},"effect":{"constant_value":"Allow"},"principals":[{"identifiers":{"constant_value":["*"]},"type":{"constant_value":"*"}}],"resources":{"references":["aws_s3_bucket.site.arn","aws_s3_bucket.site"]},"sid":{"constant_value":"PublicReadGetObject"}}]},"schema_version":0}],"variables":{"app_name":{"default":"mkdocs-demo","description":"Application/site name used for resource naming."},"environment":{"default":"dev","description":"Environment name (e.g., dev, prod)."},"force_destroy":{"default":false,"description":"Whether to allow Terraform to destroy the S3 bucket even if it contains objects."},"github_oidc_provider_arn":{"default":"","description":"ARN of the IAM OIDC provider for GitHub Actions (token.actions.githubusercontent.com)."},"github_subjects":{"default":[],"description":"Allowed GitHub OIDC subject patterns (sub claim). Example: ['repo:org/repo:ref:refs/heads/main']"},"region":{"default":"us-east-1","description":"AWS region to deploy into."},"tags":{"default":{"Managed":"terraform","Project":"mkdocs-demo"},"description":"Tags applied to all supported resources."}}}},"relevant_attributes":[{"resource":"aws_iam_policy.github_actions_deploy","attribute":["arn"]},{"resource":"aws_s3_bucket.artifacts","attribute":["arn"]},{"resource":"aws_s3_bucket.artifacts","attribute":["id"]},{"resource":"aws_s3_bucket.site","attribute":["arn"]},{"resource":"aws_s3_bucket_website_configuration.site","attribute":["website_endpoint"]},{"resource":"aws_s3_bucket.artifacts","attribute":["bucket"]},{"resource":"data.aws_iam_policy_document.site_public_read","attribute":["json"]},{"resource":"aws_s3_bucket.site","attribute":["id"]},{"resource":"aws_iam_role.github_actions_deploy","attribute":["arn"]},{"resource":"aws_iam_role.github_actions_deploy","attribute":["name"]},{"resource":"aws_s3_bucket.site","attribute":["bucket"]}],"timestamp":"2026-01-25T13:52:09Z","applyable":true,"complete":true,"errored":false}
