{"format_version":"1.2","terraform_version":"1.13.5","variables":{"app_port":{"value":3000},"app_runner_service_name":{"value":"natanaelvich-api"},"aws_region":{"value":"us-east-2"},"db_allocated_storage":{"value":20},"db_backup_retention_days":{"value":7},"db_deletion_protection":{"value":false},"db_instance_class":{"value":"db.t4g.micro"},"db_multi_az":{"value":false},"db_name":{"value":"rocketseat-db"},"db_publicly_accessible":{"value":false},"db_username":{"value":"admin"},"ecr_repository_name":{"value":"natanaelvich-ci"},"enable_nat_gateway":{"value":false},"environment":{"value":"dev"},"github_branch":{"value":"main"},"github_repo":{"value":""},"private_subnet_cidrs":{"value":["10.20.10.0/24","10.20.11.0/24"]},"project":{"value":"natanaelvich"},"public_subnet_cidrs":{"value":["10.20.0.0/24","10.20.1.0/24"]},"vpc_cidr":{"value":"10.20.0.0/16"}},"planned_values":{"outputs":{"app_runner_ecr_access_role_arn":{"sensitive":false},"app_runner_service_url":{"sensitive":false},"db_secret_arn":{"sensitive":false},"ecr_repository_url":{"sensitive":false},"github_actions_role_arn":{"sensitive":false,"type":"dynamic","value":null},"rds_endpoint":{"sensitive":false}},"root_module":{"resources":[{"address":"aws_apprunner_service.api","mode":"managed","type":"aws_apprunner_service","name":"api","provider_name":"registry.terraform.io/hashicorp/aws","schema_version":0,"values":{"encryption_configuration":[],"health_check_configuration":[{"healthy_threshold":1,"interval":10,"path":"/","protocol":"TCP","timeout":5,"unhealthy_threshold":5}],"instance_configuration":[{"cpu":"1024","memory":"2048"}],"network_configuration":[{"egress_configuration":[{"egress_type":"VPC"}],"ip_address_type":"IPV4"}],"observability_configuration":[],"service_name":"natanaelvich-api","source_configuration":[{"authentication_configuration":[{"connection_arn":null}],"auto_deployments_enabled":true,"code_repository":[],"image_repository":[{"image_configuration":[{"port":"3000","start_command":null}],"image_repository_type":"ECR"}]}],"tags":{"Name":"natanaelvich-dev-apprunner"},"tags_all":{"Environment":"dev","ManagedBy":"terraform","Name":"natanaelvich-dev-apprunner","Project":"natanaelvich"}},"sensitive_values":{"encryption_configuration":[],"health_check_configuration":[{}],"instance_configuration":[{}],"network_configuration":[{"egress_configuration":[{}],"ingress_configuration":[]}],"observability_configuration":[],"source_configuration":[{"authentication_configuration":[{}],"code_repository":[],"image_repository":[{"image_configuration":[{"runtime_environment_secrets":{},"runtime_environment_variables":{}}]}]}],"tags":{},"tags_all":{}}},{"address":"aws_apprunner_vpc_connector.this","mode":"managed","type":"aws_apprunner_vpc_connector","name":"this","provider_name":"registry.terraform.io/hashicorp/aws","schema_version":0,"values":{"tags":{"Name":"natanaelvich-dev-connector"},"tags_all":{"Environment":"dev","ManagedBy":"terraform","Name":"natanaelvich-dev-connector","Project":"natanaelvich"},"vpc_connector_name":"natanaelvich-dev-connector"},"sensitive_values":{"security_groups":[],"subnets":[],"tags":{},"tags_all":{}}},{"address":"aws_db_instance.mysql","mode":"managed","type":"aws_db_instance","name":"mysql","provider_name":"registry.terraform.io/hashicorp/aws","schema_version":2,"values":{"allocated_storage":20,"allow_major_version_upgrade":null,"apply_immediately":false,"auto_minor_version_upgrade":true,"backup_retention_period":7,"blue_green_update":[],"copy_tags_to_snapshot":false,"custom_iam_instance_profile":null,"customer_owned_ip_enabled":null,"db_name":"rocketseat-db","db_subnet_group_name":"natanaelvich-dev-db-subnets","dedicated_log_volume":false,"delete_automated_backups":true,"deletion_protection":false,"domain":null,"domain_auth_secret_arn":null,"domain_dns_ips":null,"domain_iam_role_name":null,"domain_ou":null,"enabled_cloudwatch_logs_exports":null,"engine":"mysql","engine_version":"8.0","final_snapshot_identifier":null,"iam_database_authentication_enabled":null,"identifier":"natanaelvich-dev-mysql","instance_class":"db.t4g.micro","manage_master_user_password":null,"max_allocated_storage":null,"monitoring_interval":0,"multi_az":false,"parameter_group_name":"natanaelvich-dev-mysql8","password_wo":null,"password_wo_version":null,"performance_insights_enabled":false,"publicly_accessible":false,"replicate_source_db":null,"restore_to_point_in_time":[],"s3_import":[],"skip_final_snapshot":true,"storage_encrypted":true,"storage_type":"gp3","tags":{"Name":"natanaelvich-dev-mysql"},"tags_all":{"Environment":"dev","ManagedBy":"terraform","Name":"natanaelvich-dev-mysql","Project":"natanaelvich"},"timeouts":null,"upgrade_storage_config":null,"username":"admin"},"sensitive_values":{"blue_green_update":[],"listener_endpoint":[],"master_user_secret":[],"password":true,"password_wo":true,"replicas":[],"restore_to_point_in_time":[],"s3_import":[],"tags":{},"tags_all":{},"vpc_security_group_ids":[]}},{"address":"aws_db_parameter_group.mysql8","mode":"managed","type":"aws_db_parameter_group","name":"mysql8","provider_name":"registry.terraform.io/hashicorp/aws","schema_version":0,"values":{"description":"Managed by Terraform","family":"mysql8.0","name":"natanaelvich-dev-mysql8","parameter":[{"apply_method":"immediate","name":"character_set_server","value":"utf8mb4"},{"apply_method":"immediate","name":"collation_server","value":"utf8mb4_unicode_ci"}],"skip_destroy":false,"tags":{"Name":"natanaelvich-dev-mysql8"},"tags_all":{"Environment":"dev","ManagedBy":"terraform","Name":"natanaelvich-dev-mysql8","Project":"natanaelvich"}},"sensitive_values":{"parameter":[{},{}],"tags":{},"tags_all":{}}},{"address":"aws_db_subnet_group.this","mode":"managed","type":"aws_db_subnet_group","name":"this","provider_name":"registry.terraform.io/hashicorp/aws","schema_version":0,"values":{"description":"Managed by Terraform","name":"natanaelvich-dev-db-subnets","tags":{"Name":"natanaelvich-dev-db-subnets"},"tags_all":{"Environment":"dev","ManagedBy":"terraform","Name":"natanaelvich-dev-db-subnets","Project":"natanaelvich"}},"sensitive_values":{"subnet_ids":[],"supported_network_types":[],"tags":{},"tags_all":{}}},{"address":"aws_ecr_lifecycle_policy.api","mode":"managed","type":"aws_ecr_lifecycle_policy","name":"api","provider_name":"registry.terraform.io/hashicorp/aws","schema_version":0,"values":{"policy":"{\"rules\":[{\"action\":{\"type\":\"expire\"},\"description\":\"Keep last 30 images\",\"rulePriority\":1,\"selection\":{\"countNumber\":30,\"countType\":\"imageCountMoreThan\",\"tagStatus\":\"any\"}}]}","repository":"natanaelvich-ci"},"sensitive_values":{}},{"address":"aws_ecr_repository.api","mode":"managed","type":"aws_ecr_repository","name":"api","provider_name":"registry.terraform.io/hashicorp/aws","schema_version":0,"values":{"encryption_configuration":[{"encryption_type":"AES256"}],"force_delete":null,"image_scanning_configuration":[{"scan_on_push":true}],"image_tag_mutability":"MUTABLE","name":"natanaelvich-ci","tags":{"Name":"natanaelvich-dev-ecr"},"tags_all":{"Environment":"dev","ManagedBy":"terraform","Name":"natanaelvich-dev-ecr","Project":"natanaelvich"},"timeouts":null},"sensitive_values":{"encryption_configuration":[{}],"image_scanning_configuration":[{}],"tags":{},"tags_all":{}}},{"address":"aws_iam_role.apprunner_ecr_access","mode":"managed","type":"aws_iam_role","name":"apprunner_ecr_access","provider_name":"registry.terraform.io/hashicorp/aws","schema_version":0,"values":{"assume_role_policy":"{\"Statement\":[{\"Action\":\"sts:AssumeRole\",\"Effect\":\"Allow\",\"Principal\":{\"Service\":\"build.apprunner.amazonaws.com\"}}],\"Version\":\"2012-10-17\"}","description":null,"force_detach_policies":false,"max_session_duration":3600,"name":"natanaelvich-dev-apprunner-ecr-access","path":"/","permissions_boundary":null,"tags":{"Name":"natanaelvich-dev"},"tags_all":{"Environment":"dev","ManagedBy":"terraform","Name":"natanaelvich-dev","Project":"natanaelvich"}},"sensitive_values":{"inline_policy":[],"managed_policy_arns":[],"tags":{},"tags_all":{}}},{"address":"aws_iam_role.apprunner_instance","mode":"managed","type":"aws_iam_role","name":"apprunner_instance","provider_name":"registry.terraform.io/hashicorp/aws","schema_version":0,"values":{"assume_role_policy":"{\"Statement\":[{\"Action\":\"sts:AssumeRole\",\"Effect\":\"Allow\",\"Principal\":{\"Service\":\"tasks.apprunner.amazonaws.com\"}}],\"Version\":\"2012-10-17\"}","description":null,"force_detach_policies":false,"max_session_duration":3600,"name":"natanaelvich-dev-apprunner-instance","path":"/","permissions_boundary":null,"tags":{"Name":"natanaelvich-dev"},"tags_all":{"Environment":"dev","ManagedBy":"terraform","Name":"natanaelvich-dev","Project":"natanaelvich"}},"sensitive_values":{"inline_policy":[],"managed_policy_arns":[],"tags":{},"tags_all":{}}},{"address":"aws_iam_role_policy.apprunner_instance_secrets","mode":"managed","type":"aws_iam_role_policy","name":"apprunner_instance_secrets","provider_name":"registry.terraform.io/hashicorp/aws","schema_version":0,"values":{"name":"natanaelvich-dev-apprunner-secrets"},"sensitive_values":{}},{"address":"aws_iam_role_policy_attachment.apprunner_ecr_access","mode":"managed","type":"aws_iam_role_policy_attachment","name":"apprunner_ecr_access","provider_name":"registry.terraform.io/hashicorp/aws","schema_version":0,"values":{"policy_arn":"arn:aws:iam::aws:policy/service-role/AWSAppRunnerServicePolicyForECRAccess","role":"natanaelvich-dev-apprunner-ecr-access"},"sensitive_values":{}},{"address":"aws_internet_gateway.this","mode":"managed","type":"aws_internet_gateway","name":"this","provider_name":"registry.terraform.io/hashicorp/aws","schema_version":0,"values":{"tags":{"Name":"natanaelvich-dev-igw"},"tags_all":{"Environment":"dev","ManagedBy":"terraform","Name":"natanaelvich-dev-igw","Project":"natanaelvich"},"timeouts":null},"sensitive_values":{"tags":{},"tags_all":{}}},{"address":"aws_route.public_internet","mode":"managed","type":"aws_route","name":"public_internet","provider_name":"registry.terraform.io/hashicorp/aws","schema_version":0,"values":{"carrier_gateway_id":null,"core_network_arn":null,"destination_cidr_block":"0.0.0.0/0","destination_ipv6_cidr_block":null,"destination_prefix_list_id":null,"egress_only_gateway_id":null,"local_gateway_id":null,"nat_gateway_id":null,"timeouts":null,"transit_gateway_id":null,"vpc_endpoint_id":null,"vpc_peering_connection_id":null},"sensitive_values":{}},{"address":"aws_route_table.private","mode":"managed","type":"aws_route_table","name":"private","provider_name":"registry.terraform.io/hashicorp/aws","schema_version":0,"values":{"tags":{"Name":"natanaelvich-dev-private-rt"},"tags_all":{"Environment":"dev","ManagedBy":"terraform","Name":"natanaelvich-dev-private-rt","Project":"natanaelvich"},"timeouts":null},"sensitive_values":{"propagating_vgws":[],"route":[],"tags":{},"tags_all":{}}},{"address":"aws_route_table.public","mode":"managed","type":"aws_route_table","name":"public","provider_name":"registry.terraform.io/hashicorp/aws","schema_version":0,"values":{"tags":{"Name":"natanaelvich-dev-public-rt"},"tags_all":{"Environment":"dev","ManagedBy":"terraform","Name":"natanaelvich-dev-public-rt","Project":"natanaelvich"},"timeouts":null},"sensitive_values":{"propagating_vgws":[],"route":[],"tags":{},"tags_all":{}}},{"address":"aws_route_table_association.private[\"0\"]","mode":"managed","type":"aws_route_table_association","name":"private","index":"0","provider_name":"registry.terraform.io/hashicorp/aws","schema_version":0,"values":{"gateway_id":null,"timeouts":null},"sensitive_values":{}},{"address":"aws_route_table_association.private[\"1\"]","mode":"managed","type":"aws_route_table_association","name":"private","index":"1","provider_name":"registry.terraform.io/hashicorp/aws","schema_version":0,"values":{"gateway_id":null,"timeouts":null},"sensitive_values":{}},{"address":"aws_route_table_association.public[\"0\"]","mode":"managed","type":"aws_route_table_association","name":"public","index":"0","provider_name":"registry.terraform.io/hashicorp/aws","schema_version":0,"values":{"gateway_id":null,"timeouts":null},"sensitive_values":{}},{"address":"aws_route_table_association.public[\"1\"]","mode":"managed","type":"aws_route_table_association","name":"public","index":"1","provider_name":"registry.terraform.io/hashicorp/aws","schema_version":0,"values":{"gateway_id":null,"timeouts":null},"sensitive_values":{}},{"address":"aws_secretsmanager_secret.db","mode":"managed","type":"aws_secretsmanager_secret","name":"db","provider_name":"registry.terraform.io/hashicorp/aws","schema_version":0,"values":{"description":null,"force_overwrite_replica_secret":false,"kms_key_id":null,"name":"natanaelvich-dev/db","recovery_window_in_days":7,"tags":{"Name":"natanaelvich-dev-db-secret"},"tags_all":{"Environment":"dev","ManagedBy":"terraform","Name":"natanaelvich-dev-db-secret","Project":"natanaelvich"}},"sensitive_values":{"replica":[],"tags":{},"tags_all":{}}},{"address":"aws_secretsmanager_secret_version.db","mode":"managed","type":"aws_secretsmanager_secret_version","name":"db","provider_name":"registry.terraform.io/hashicorp/aws","schema_version":0,"values":{"secret_binary":null,"secret_string_wo":null,"secret_string_wo_version":null},"sensitive_values":{"secret_binary":true,"secret_string":true,"secret_string_wo":true,"version_stages":[]}},{"address":"aws_security_group.apprunner_vpc_connector","mode":"managed","type":"aws_security_group","name":"apprunner_vpc_connector","provider_name":"registry.terraform.io/hashicorp/aws","schema_version":1,"values":{"description":"Security group attached to App Runner VPC connector","egress":[{"cidr_blocks":["0.0.0.0/0"],"description":"","from_port":0,"ipv6_cidr_blocks":[],"prefix_list_ids":[],"protocol":"-1","security_groups":[],"self":false,"to_port":0}],"name":"natanaelvich-dev-apprunner-connector-sg","revoke_rules_on_delete":false,"tags":{"Name":"natanaelvich-dev-apprunner-connector-sg"},"tags_all":{"Environment":"dev","ManagedBy":"terraform","Name":"natanaelvich-dev-apprunner-connector-sg","Project":"natanaelvich"},"timeouts":null},"sensitive_values":{"egress":[{"cidr_blocks":[false],"ipv6_cidr_blocks":[],"prefix_list_ids":[],"security_groups":[]}],"ingress":[],"tags":{},"tags_all":{}}},{"address":"aws_security_group.rds","mode":"managed","type":"aws_security_group","name":"rds","provider_name":"registry.terraform.io/hashicorp/aws","schema_version":1,"values":{"description":"RDS MySQL access from App Runner VPC connector","egress":[{"cidr_blocks":["0.0.0.0/0"],"description":"","from_port":0,"ipv6_cidr_blocks":[],"prefix_list_ids":[],"protocol":"-1","security_groups":[],"self":false,"to_port":0}],"ingress":[{"cidr_blocks":[],"description":"MySQL from App Runner","from_port":3306,"ipv6_cidr_blocks":[],"prefix_list_ids":[],"protocol":"tcp","self":false,"to_port":3306}],"name":"natanaelvich-dev-rds-sg","revoke_rules_on_delete":false,"tags":{"Name":"natanaelvich-dev-rds-sg"},"tags_all":{"Environment":"dev","ManagedBy":"terraform","Name":"natanaelvich-dev-rds-sg","Project":"natanaelvich"},"timeouts":null},"sensitive_values":{"egress":[{"cidr_blocks":[false],"ipv6_cidr_blocks":[],"prefix_list_ids":[],"security_groups":[]}],"ingress":[{"cidr_blocks":[],"ipv6_cidr_blocks":[],"prefix_list_ids":[],"security_groups":[]}],"tags":{},"tags_all":{}}},{"address":"aws_subnet.private[\"0\"]","mode":"managed","type":"aws_subnet","name":"private","index":"0","provider_name":"registry.terraform.io/hashicorp/aws","schema_version":1,"values":{"assign_ipv6_address_on_creation":false,"availability_zone":"us-east-2a","cidr_block":"10.20.10.0/24","customer_owned_ipv4_pool":null,"enable_dns64":false,"enable_lni_at_device_index":null,"enable_resource_name_dns_a_record_on_launch":false,"enable_resource_name_dns_aaaa_record_on_launch":false,"ipv6_cidr_block":null,"ipv6_native":false,"map_customer_owned_ip_on_launch":null,"map_public_ip_on_launch":false,"outpost_arn":null,"tags":{"Name":"natanaelvich-dev-private-0"},"tags_all":{"Environment":"dev","ManagedBy":"terraform","Name":"natanaelvich-dev-private-0","Project":"natanaelvich"},"timeouts":null},"sensitive_values":{"tags":{},"tags_all":{}}},{"address":"aws_subnet.private[\"1\"]","mode":"managed","type":"aws_subnet","name":"private","index":"1","provider_name":"registry.terraform.io/hashicorp/aws","schema_version":1,"values":{"assign_ipv6_address_on_creation":false,"availability_zone":"us-east-2b","cidr_block":"10.20.11.0/24","customer_owned_ipv4_pool":null,"enable_dns64":false,"enable_lni_at_device_index":null,"enable_resource_name_dns_a_record_on_launch":false,"enable_resource_name_dns_aaaa_record_on_launch":false,"ipv6_cidr_block":null,"ipv6_native":false,"map_customer_owned_ip_on_launch":null,"map_public_ip_on_launch":false,"outpost_arn":null,"tags":{"Name":"natanaelvich-dev-private-1"},"tags_all":{"Environment":"dev","ManagedBy":"terraform","Name":"natanaelvich-dev-private-1","Project":"natanaelvich"},"timeouts":null},"sensitive_values":{"tags":{},"tags_all":{}}},{"address":"aws_subnet.public[\"0\"]","mode":"managed","type":"aws_subnet","name":"public","index":"0","provider_name":"registry.terraform.io/hashicorp/aws","schema_version":1,"values":{"assign_ipv6_address_on_creation":false,"availability_zone":"us-east-2a","cidr_block":"10.20.0.0/24","customer_owned_ipv4_pool":null,"enable_dns64":false,"enable_lni_at_device_index":null,"enable_resource_name_dns_a_record_on_launch":false,"enable_resource_name_dns_aaaa_record_on_launch":false,"ipv6_cidr_block":null,"ipv6_native":false,"map_customer_owned_ip_on_launch":null,"map_public_ip_on_launch":true,"outpost_arn":null,"tags":{"Name":"natanaelvich-dev-public-0"},"tags_all":{"Environment":"dev","ManagedBy":"terraform","Name":"natanaelvich-dev-public-0","Project":"natanaelvich"},"timeouts":null},"sensitive_values":{"tags":{},"tags_all":{}}},{"address":"aws_subnet.public[\"1\"]","mode":"managed","type":"aws_subnet","name":"public","index":"1","provider_name":"registry.terraform.io/hashicorp/aws","schema_version":1,"values":{"assign_ipv6_address_on_creation":false,"availability_zone":"us-east-2b","cidr_block":"10.20.1.0/24","customer_owned_ipv4_pool":null,"enable_dns64":false,"enable_lni_at_device_index":null,"enable_resource_name_dns_a_record_on_launch":false,"enable_resource_name_dns_aaaa_record_on_launch":false,"ipv6_cidr_block":null,"ipv6_native":false,"map_customer_owned_ip_on_launch":null,"map_public_ip_on_launch":true,"outpost_arn":null,"tags":{"Name":"natanaelvich-dev-public-1"},"tags_all":{"Environment":"dev","ManagedBy":"terraform","Name":"natanaelvich-dev-public-1","Project":"natanaelvich"},"timeouts":null},"sensitive_values":{"tags":{},"tags_all":{}}},{"address":"aws_vpc.this","mode":"managed","type":"aws_vpc","name":"this","provider_name":"registry.terraform.io/hashicorp/aws","schema_version":1,"values":{"assign_generated_ipv6_cidr_block":null,"cidr_block":"10.20.0.0/16","enable_dns_hostnames":true,"enable_dns_support":true,"instance_tenancy":"default","ipv4_ipam_pool_id":null,"ipv4_netmask_length":null,"ipv6_ipam_pool_id":null,"ipv6_netmask_length":null,"tags":{"Name":"natanaelvich-dev-vpc"},"tags_all":{"Environment":"dev","ManagedBy":"terraform","Name":"natanaelvich-dev-vpc","Project":"natanaelvich"}},"sensitive_values":{"tags":{},"tags_all":{}}},{"address":"random_password.db","mode":"managed","type":"random_password","name":"db","provider_name":"registry.terraform.io/hashicorp/random","schema_version":3,"values":{"keepers":null,"length":24,"lower":true,"min_lower":0,"min_numeric":0,"min_special":0,"min_upper":0,"number":true,"numeric":true,"override_special":"!#$%\u0026*()-_=+[]{}\u003c\u003e:?","special":true,"upper":true},"sensitive_values":{"bcrypt_hash":true,"result":true}}]}},"resource_changes":[{"address":"aws_apprunner_service.api","mode":"managed","type":"aws_apprunner_service","name":"api","provider_name":"registry.terraform.io/hashicorp/aws","change":{"actions":["create"],"before":null,"after":{"encryption_configuration":[],"health_check_configuration":[{"healthy_threshold":1,"interval":10,"path":"/","protocol":"TCP","timeout":5,"unhealthy_threshold":5}],"instance_configuration":[{"cpu":"1024","memory":"2048"}],"network_configuration":[{"egress_configuration":[{"egress_type":"VPC"}],"ip_address_type":"IPV4"}],"observability_configuration":[],"service_name":"natanaelvich-api","source_configuration":[{"authentication_configuration":[{"connection_arn":null}],"auto_deployments_enabled":true,"code_repository":[],"image_repository":[{"image_configuration":[{"port":"3000","start_command":null}],"image_repository_type":"ECR"}]}],"tags":{"Name":"natanaelvich-dev-apprunner"},"tags_all":{"Environment":"dev","ManagedBy":"terraform","Name":"natanaelvich-dev-apprunner","Project":"natanaelvich"}},"after_unknown":{"arn":true,"auto_scaling_configuration_arn":true,"encryption_configuration":[],"health_check_configuration":[{}],"id":true,"instance_configuration":[{"instance_role_arn":true}],"network_configuration":[{"egress_configuration":[{"vpc_connector_arn":true}],"ingress_configuration":true}],"observability_configuration":[],"service_id":true,"service_url":true,"source_configuration":[{"authentication_configuration":[{"access_role_arn":true}],"code_repository":[],"image_repository":[{"image_configuration":[{"runtime_environment_secrets":true,"runtime_environment_variables":true}],"image_identifier":true}]}],"status":true,"tags":{},"tags_all":{}},"before_sensitive":false,"after_sensitive":{"encryption_configuration":[],"health_check_configuration":[{}],"instance_configuration":[{}],"network_configuration":[{"egress_configuration":[{}],"ingress_configuration":[]}],"observability_configuration":[],"source_configuration":[{"authentication_configuration":[{}],"code_repository":[],"image_repository":[{"image_configuration":[{"runtime_environment_secrets":{},"runtime_environment_variables":{}}]}]}],"tags":{},"tags_all":{}}}},{"address":"aws_apprunner_vpc_connector.this","mode":"managed","type":"aws_apprunner_vpc_connector","name":"this","provider_name":"registry.terraform.io/hashicorp/aws","change":{"actions":["create"],"before":null,"after":{"tags":{"Name":"natanaelvich-dev-connector"},"tags_all":{"Environment":"dev","ManagedBy":"terraform","Name":"natanaelvich-dev-connector","Project":"natanaelvich"},"vpc_connector_name":"natanaelvich-dev-connector"},"after_unknown":{"arn":true,"id":true,"security_groups":true,"status":true,"subnets":true,"tags":{},"tags_all":{},"vpc_connector_revision":true},"before_sensitive":false,"after_sensitive":{"security_groups":[],"subnets":[],"tags":{},"tags_all":{}}}},{"address":"aws_db_instance.mysql","mode":"managed","type":"aws_db_instance","name":"mysql","provider_name":"registry.terraform.io/hashicorp/aws","change":{"actions":["create"],"before":null,"after":{"allocated_storage":20,"allow_major_version_upgrade":null,"apply_immediately":false,"auto_minor_version_upgrade":true,"backup_retention_period":7,"blue_green_update":[],"copy_tags_to_snapshot":false,"custom_iam_instance_profile":null,"customer_owned_ip_enabled":null,"db_name":"rocketseat-db","db_subnet_group_name":"natanaelvich-dev-db-subnets","dedicated_log_volume":false,"delete_automated_backups":true,"deletion_protection":false,"domain":null,"domain_auth_secret_arn":null,"domain_dns_ips":null,"domain_iam_role_name":null,"domain_ou":null,"enabled_cloudwatch_logs_exports":null,"engine":"mysql","engine_version":"8.0","final_snapshot_identifier":null,"iam_database_authentication_enabled":null,"identifier":"natanaelvich-dev-mysql","instance_class":"db.t4g.micro","manage_master_user_password":null,"max_allocated_storage":null,"monitoring_interval":0,"multi_az":false,"parameter_group_name":"natanaelvich-dev-mysql8","password_wo":null,"password_wo_version":null,"performance_insights_enabled":false,"publicly_accessible":false,"replicate_source_db":null,"restore_to_point_in_time":[],"s3_import":[],"skip_final_snapshot":true,"storage_encrypted":true,"storage_type":"gp3","tags":{"Name":"natanaelvich-dev-mysql"},"tags_all":{"Environment":"dev","ManagedBy":"terraform","Name":"natanaelvich-dev-mysql","Project":"natanaelvich"},"timeouts":null,"upgrade_storage_config":null,"username":"admin"},"after_unknown":{"address":true,"arn":true,"availability_zone":true,"backup_target":true,"backup_window":true,"blue_green_update":[],"ca_cert_identifier":true,"character_set_name":true,"database_insights_mode":true,"domain_fqdn":true,"endpoint":true,"engine_lifecycle_support":true,"engine_version_actual":true,"hosted_zone_id":true,"id":true,"identifier_prefix":true,"iops":true,"kms_key_id":true,"latest_restorable_time":true,"license_model":true,"listener_endpoint":true,"maintenance_window":true,"master_user_secret":true,"master_user_secret_kms_key_id":true,"monitoring_role_arn":true,"nchar_character_set_name":true,"network_type":true,"option_group_name":true,"password":true,"performance_insights_kms_key_id":true,"performance_insights_retention_period":true,"port":true,"replica_mode":true,"replicas":true,"resource_id":true,"restore_to_point_in_time":[],"s3_import":[],"snapshot_identifier":true,"status":true,"storage_throughput":true,"tags":{},"tags_all":{},"timezone":true,"vpc_security_group_ids":true},"before_sensitive":false,"after_sensitive":{"blue_green_update":[],"listener_endpoint":[],"master_user_secret":[],"password":true,"password_wo":true,"replicas":[],"restore_to_point_in_time":[],"s3_import":[],"tags":{},"tags_all":{},"vpc_security_group_ids":[]}}},{"address":"aws_db_parameter_group.mysql8","mode":"managed","type":"aws_db_parameter_group","name":"mysql8","provider_name":"registry.terraform.io/hashicorp/aws","change":{"actions":["create"],"before":null,"after":{"description":"Managed by Terraform","family":"mysql8.0","name":"natanaelvich-dev-mysql8","parameter":[{"apply_method":"immediate","name":"character_set_server","value":"utf8mb4"},{"apply_method":"immediate","name":"collation_server","value":"utf8mb4_unicode_ci"}],"skip_destroy":false,"tags":{"Name":"natanaelvich-dev-mysql8"},"tags_all":{"Environment":"dev","ManagedBy":"terraform","Name":"natanaelvich-dev-mysql8","Project":"natanaelvich"}},"after_unknown":{"arn":true,"id":true,"name_prefix":true,"parameter":[{},{}],"tags":{},"tags_all":{}},"before_sensitive":false,"after_sensitive":{"parameter":[{},{}],"tags":{},"tags_all":{}}}},{"address":"aws_db_subnet_group.this","mode":"managed","type":"aws_db_subnet_group","name":"this","provider_name":"registry.terraform.io/hashicorp/aws","change":{"actions":["create"],"before":null,"after":{"description":"Managed by Terraform","name":"natanaelvich-dev-db-subnets","tags":{"Name":"natanaelvich-dev-db-subnets"},"tags_all":{"Environment":"dev","ManagedBy":"terraform","Name":"natanaelvich-dev-db-subnets","Project":"natanaelvich"}},"after_unknown":{"arn":true,"id":true,"name_prefix":true,"subnet_ids":true,"supported_network_types":true,"tags":{},"tags_all":{},"vpc_id":true},"before_sensitive":false,"after_sensitive":{"subnet_ids":[],"supported_network_types":[],"tags":{},"tags_all":{}}}},{"address":"aws_ecr_lifecycle_policy.api","mode":"managed","type":"aws_ecr_lifecycle_policy","name":"api","provider_name":"registry.terraform.io/hashicorp/aws","change":{"actions":["create"],"before":null,"after":{"policy":"{\"rules\":[{\"action\":{\"type\":\"expire\"},\"description\":\"Keep last 30 images\",\"rulePriority\":1,\"selection\":{\"countNumber\":30,\"countType\":\"imageCountMoreThan\",\"tagStatus\":\"any\"}}]}","repository":"natanaelvich-ci"},"after_unknown":{"id":true,"registry_id":true},"before_sensitive":false,"after_sensitive":{}}},{"address":"aws_ecr_repository.api","mode":"managed","type":"aws_ecr_repository","name":"api","provider_name":"registry.terraform.io/hashicorp/aws","change":{"actions":["create"],"before":null,"after":{"encryption_configuration":[{"encryption_type":"AES256"}],"force_delete":null,"image_scanning_configuration":[{"scan_on_push":true}],"image_tag_mutability":"MUTABLE","name":"natanaelvich-ci","tags":{"Name":"natanaelvich-dev-ecr"},"tags_all":{"Environment":"dev","ManagedBy":"terraform","Name":"natanaelvich-dev-ecr","Project":"natanaelvich"},"timeouts":null},"after_unknown":{"arn":true,"encryption_configuration":[{"kms_key":true}],"id":true,"image_scanning_configuration":[{}],"registry_id":true,"repository_url":true,"tags":{},"tags_all":{}},"before_sensitive":false,"after_sensitive":{"encryption_configuration":[{}],"image_scanning_configuration":[{}],"tags":{},"tags_all":{}}}},{"address":"aws_iam_role.apprunner_ecr_access","mode":"managed","type":"aws_iam_role","name":"apprunner_ecr_access","provider_name":"registry.terraform.io/hashicorp/aws","change":{"actions":["create"],"before":null,"after":{"assume_role_policy":"{\"Statement\":[{\"Action\":\"sts:AssumeRole\",\"Effect\":\"Allow\",\"Principal\":{\"Service\":\"build.apprunner.amazonaws.com\"}}],\"Version\":\"2012-10-17\"}","description":null,"force_detach_policies":false,"max_session_duration":3600,"name":"natanaelvich-dev-apprunner-ecr-access","path":"/","permissions_boundary":null,"tags":{"Name":"natanaelvich-dev"},"tags_all":{"Environment":"dev","ManagedBy":"terraform","Name":"natanaelvich-dev","Project":"natanaelvich"}},"after_unknown":{"arn":true,"create_date":true,"id":true,"inline_policy":true,"managed_policy_arns":true,"name_prefix":true,"tags":{},"tags_all":{},"unique_id":true},"before_sensitive":false,"after_sensitive":{"inline_policy":[],"managed_policy_arns":[],"tags":{},"tags_all":{}}}},{"address":"aws_iam_role.apprunner_instance","mode":"managed","type":"aws_iam_role","name":"apprunner_instance","provider_name":"registry.terraform.io/hashicorp/aws","change":{"actions":["create"],"before":null,"after":{"assume_role_policy":"{\"Statement\":[{\"Action\":\"sts:AssumeRole\",\"Effect\":\"Allow\",\"Principal\":{\"Service\":\"tasks.apprunner.amazonaws.com\"}}],\"Version\":\"2012-10-17\"}","description":null,"force_detach_policies":false,"max_session_duration":3600,"name":"natanaelvich-dev-apprunner-instance","path":"/","permissions_boundary":null,"tags":{"Name":"natanaelvich-dev"},"tags_all":{"Environment":"dev","ManagedBy":"terraform","Name":"natanaelvich-dev","Project":"natanaelvich"}},"after_unknown":{"arn":true,"create_date":true,"id":true,"inline_policy":true,"managed_policy_arns":true,"name_prefix":true,"tags":{},"tags_all":{},"unique_id":true},"before_sensitive":false,"after_sensitive":{"inline_policy":[],"managed_policy_arns":[],"tags":{},"tags_all":{}}}},{"address":"aws_iam_role_policy.apprunner_instance_secrets","mode":"managed","type":"aws_iam_role_policy","name":"apprunner_instance_secrets","provider_name":"registry.terraform.io/hashicorp/aws","change":{"actions":["create"],"before":null,"after":{"name":"natanaelvich-dev-apprunner-secrets"},"after_unknown":{"id":true,"name_prefix":true,"policy":true,"role":true},"before_sensitive":false,"after_sensitive":{}}},{"address":"aws_iam_role_policy_attachment.apprunner_ecr_access","mode":"managed","type":"aws_iam_role_policy_attachment","name":"apprunner_ecr_access","provider_name":"registry.terraform.io/hashicorp/aws","change":{"actions":["create"],"before":null,"after":{"policy_arn":"arn:aws:iam::aws:policy/service-role/AWSAppRunnerServicePolicyForECRAccess","role":"natanaelvich-dev-apprunner-ecr-access"},"after_unknown":{"id":true},"before_sensitive":false,"after_sensitive":{}}},{"address":"aws_internet_gateway.this","mode":"managed","type":"aws_internet_gateway","name":"this","provider_name":"registry.terraform.io/hashicorp/aws","change":{"actions":["create"],"before":null,"after":{"tags":{"Name":"natanaelvich-dev-igw"},"tags_all":{"Environment":"dev","ManagedBy":"terraform","Name":"natanaelvich-dev-igw","Project":"natanaelvich"},"timeouts":null},"after_unknown":{"arn":true,"id":true,"owner_id":true,"tags":{},"tags_all":{},"vpc_id":true},"before_sensitive":false,"after_sensitive":{"tags":{},"tags_all":{}}}},{"address":"aws_route.public_internet","mode":"managed","type":"aws_route","name":"public_internet","provider_name":"registry.terraform.io/hashicorp/aws","change":{"actions":["create"],"before":null,"after":{"carrier_gateway_id":null,"core_network_arn":null,"destination_cidr_block":"0.0.0.0/0","destination_ipv6_cidr_block":null,"destination_prefix_list_id":null,"egress_only_gateway_id":null,"local_gateway_id":null,"nat_gateway_id":null,"timeouts":null,"transit_gateway_id":null,"vpc_endpoint_id":null,"vpc_peering_connection_id":null},"after_unknown":{"gateway_id":true,"id":true,"instance_id":true,"instance_owner_id":true,"network_interface_id":true,"origin":true,"route_table_id":true,"state":true},"before_sensitive":false,"after_sensitive":{}}},{"address":"aws_route_table.private","mode":"managed","type":"aws_route_table","name":"private","provider_name":"registry.terraform.io/hashicorp/aws","change":{"actions":["create"],"before":null,"after":{"tags":{"Name":"natanaelvich-dev-private-rt"},"tags_all":{"Environment":"dev","ManagedBy":"terraform","Name":"natanaelvich-dev-private-rt","Project":"natanaelvich"},"timeouts":null},"after_unknown":{"arn":true,"id":true,"owner_id":true,"propagating_vgws":true,"route":true,"tags":{},"tags_all":{},"vpc_id":true},"before_sensitive":false,"after_sensitive":{"propagating_vgws":[],"route":[],"tags":{},"tags_all":{}}}},{"address":"aws_route_table.public","mode":"managed","type":"aws_route_table","name":"public","provider_name":"registry.terraform.io/hashicorp/aws","change":{"actions":["create"],"before":null,"after":{"tags":{"Name":"natanaelvich-dev-public-rt"},"tags_all":{"Environment":"dev","ManagedBy":"terraform","Name":"natanaelvich-dev-public-rt","Project":"natanaelvich"},"timeouts":null},"after_unknown":{"arn":true,"id":true,"owner_id":true,"propagating_vgws":true,"route":true,"tags":{},"tags_all":{},"vpc_id":true},"before_sensitive":false,"after_sensitive":{"propagating_vgws":[],"route":[],"tags":{},"tags_all":{}}}},{"address":"aws_route_table_association.private[\"0\"]","mode":"managed","type":"aws_route_table_association","name":"private","index":"0","provider_name":"registry.terraform.io/hashicorp/aws","change":{"actions":["create"],"before":null,"after":{"gateway_id":null,"timeouts":null},"after_unknown":{"id":true,"route_table_id":true,"subnet_id":true},"before_sensitive":false,"after_sensitive":{}}},{"address":"aws_route_table_association.private[\"1\"]","mode":"managed","type":"aws_route_table_association","name":"private","index":"1","provider_name":"registry.terraform.io/hashicorp/aws","change":{"actions":["create"],"before":null,"after":{"gateway_id":null,"timeouts":null},"after_unknown":{"id":true,"route_table_id":true,"subnet_id":true},"before_sensitive":false,"after_sensitive":{}}},{"address":"aws_route_table_association.public[\"0\"]","mode":"managed","type":"aws_route_table_association","name":"public","index":"0","provider_name":"registry.terraform.io/hashicorp/aws","change":{"actions":["create"],"before":null,"after":{"gateway_id":null,"timeouts":null},"after_unknown":{"id":true,"route_table_id":true,"subnet_id":true},"before_sensitive":false,"after_sensitive":{}}},{"address":"aws_route_table_association.public[\"1\"]","mode":"managed","type":"aws_route_table_association","name":"public","index":"1","provider_name":"registry.terraform.io/hashicorp/aws","change":{"actions":["create"],"before":null,"after":{"gateway_id":null,"timeouts":null},"after_unknown":{"id":true,"route_table_id":true,"subnet_id":true},"before_sensitive":false,"after_sensitive":{}}},{"address":"aws_secretsmanager_secret.db","mode":"managed","type":"aws_secretsmanager_secret","name":"db","provider_name":"registry.terraform.io/hashicorp/aws","change":{"actions":["create"],"before":null,"after":{"description":null,"force_overwrite_replica_secret":false,"kms_key_id":null,"name":"natanaelvich-dev/db","recovery_window_in_days":7,"tags":{"Name":"natanaelvich-dev-db-secret"},"tags_all":{"Environment":"dev","ManagedBy":"terraform","Name":"natanaelvich-dev-db-secret","Project":"natanaelvich"}},"after_unknown":{"arn":true,"id":true,"name_prefix":true,"policy":true,"replica":true,"tags":{},"tags_all":{}},"before_sensitive":false,"after_sensitive":{"replica":[],"tags":{},"tags_all":{}}}},{"address":"aws_secretsmanager_secret_version.db","mode":"managed","type":"aws_secretsmanager_secret_version","name":"db","provider_name":"registry.terraform.io/hashicorp/aws","change":{"actions":["create"],"before":null,"after":{"secret_binary":null,"secret_string_wo":null,"secret_string_wo_version":null},"after_unknown":{"arn":true,"has_secret_string_wo":true,"id":true,"secret_id":true,"secret_string":true,"version_id":true,"version_stages":true},"before_sensitive":false,"after_sensitive":{"secret_binary":true,"secret_string":true,"secret_string_wo":true,"version_stages":[]}}},{"address":"aws_security_group.apprunner_vpc_connector","mode":"managed","type":"aws_security_group","name":"apprunner_vpc_connector","provider_name":"registry.terraform.io/hashicorp/aws","change":{"actions":["create"],"before":null,"after":{"description":"Security group attached to App Runner VPC connector","egress":[{"cidr_blocks":["0.0.0.0/0"],"description":"","from_port":0,"ipv6_cidr_blocks":[],"prefix_list_ids":[],"protocol":"-1","security_groups":[],"self":false,"to_port":0}],"name":"natanaelvich-dev-apprunner-connector-sg","revoke_rules_on_delete":false,"tags":{"Name":"natanaelvich-dev-apprunner-connector-sg"},"tags_all":{"Environment":"dev","ManagedBy":"terraform","Name":"natanaelvich-dev-apprunner-connector-sg","Project":"natanaelvich"},"timeouts":null},"after_unknown":{"arn":true,"egress":[{"cidr_blocks":[false],"ipv6_cidr_blocks":[],"prefix_list_ids":[],"security_groups":[]}],"id":true,"ingress":true,"name_prefix":true,"owner_id":true,"tags":{},"tags_all":{},"vpc_id":true},"before_sensitive":false,"after_sensitive":{"egress":[{"cidr_blocks":[false],"ipv6_cidr_blocks":[],"prefix_list_ids":[],"security_groups":[]}],"ingress":[],"tags":{},"tags_all":{}}}},{"address":"aws_security_group.rds","mode":"managed","type":"aws_security_group","name":"rds","provider_name":"registry.terraform.io/hashicorp/aws","change":{"actions":["create"],"before":null,"after":{"description":"RDS MySQL access from App Runner VPC connector","egress":[{"cidr_blocks":["0.0.0.0/0"],"description":"","from_port":0,"ipv6_cidr_blocks":[],"prefix_list_ids":[],"protocol":"-1","security_groups":[],"self":false,"to_port":0}],"ingress":[{"cidr_blocks":[],"description":"MySQL from App Runner","from_port":3306,"ipv6_cidr_blocks":[],"prefix_list_ids":[],"protocol":"tcp","self":false,"to_port":3306}],"name":"natanaelvich-dev-rds-sg","revoke_rules_on_delete":false,"tags":{"Name":"natanaelvich-dev-rds-sg"},"tags_all":{"Environment":"dev","ManagedBy":"terraform","Name":"natanaelvich-dev-rds-sg","Project":"natanaelvich"},"timeouts":null},"after_unknown":{"arn":true,"egress":[{"cidr_blocks":[false],"ipv6_cidr_blocks":[],"prefix_list_ids":[],"security_groups":[]}],"id":true,"ingress":[{"cidr_blocks":[],"ipv6_cidr_blocks":[],"prefix_list_ids":[],"security_groups":true}],"name_prefix":true,"owner_id":true,"tags":{},"tags_all":{},"vpc_id":true},"before_sensitive":false,"after_sensitive":{"egress":[{"cidr_blocks":[false],"ipv6_cidr_blocks":[],"prefix_list_ids":[],"security_groups":[]}],"ingress":[{"cidr_blocks":[],"ipv6_cidr_blocks":[],"prefix_list_ids":[],"security_groups":[]}],"tags":{},"tags_all":{}}}},{"address":"aws_subnet.private[\"0\"]","mode":"managed","type":"aws_subnet","name":"private","index":"0","provider_name":"registry.terraform.io/hashicorp/aws","change":{"actions":["create"],"before":null,"after":{"assign_ipv6_address_on_creation":false,"availability_zone":"us-east-2a","cidr_block":"10.20.10.0/24","customer_owned_ipv4_pool":null,"enable_dns64":false,"enable_lni_at_device_index":null,"enable_resource_name_dns_a_record_on_launch":false,"enable_resource_name_dns_aaaa_record_on_launch":false,"ipv6_cidr_block":null,"ipv6_native":false,"map_customer_owned_ip_on_launch":null,"map_public_ip_on_launch":false,"outpost_arn":null,"tags":{"Name":"natanaelvich-dev-private-0"},"tags_all":{"Environment":"dev","ManagedBy":"terraform","Name":"natanaelvich-dev-private-0","Project":"natanaelvich"},"timeouts":null},"after_unknown":{"arn":true,"availability_zone_id":true,"id":true,"ipv6_cidr_block_association_id":true,"owner_id":true,"private_dns_hostname_type_on_launch":true,"tags":{},"tags_all":{},"vpc_id":true},"before_sensitive":false,"after_sensitive":{"tags":{},"tags_all":{}}}},{"address":"aws_subnet.private[\"1\"]","mode":"managed","type":"aws_subnet","name":"private","index":"1","provider_name":"registry.terraform.io/hashicorp/aws","change":{"actions":["create"],"before":null,"after":{"assign_ipv6_address_on_creation":false,"availability_zone":"us-east-2b","cidr_block":"10.20.11.0/24","customer_owned_ipv4_pool":null,"enable_dns64":false,"enable_lni_at_device_index":null,"enable_resource_name_dns_a_record_on_launch":false,"enable_resource_name_dns_aaaa_record_on_launch":false,"ipv6_cidr_block":null,"ipv6_native":false,"map_customer_owned_ip_on_launch":null,"map_public_ip_on_launch":false,"outpost_arn":null,"tags":{"Name":"natanaelvich-dev-private-1"},"tags_all":{"Environment":"dev","ManagedBy":"terraform","Name":"natanaelvich-dev-private-1","Project":"natanaelvich"},"timeouts":null},"after_unknown":{"arn":true,"availability_zone_id":true,"id":true,"ipv6_cidr_block_association_id":true,"owner_id":true,"private_dns_hostname_type_on_launch":true,"tags":{},"tags_all":{},"vpc_id":true},"before_sensitive":false,"after_sensitive":{"tags":{},"tags_all":{}}}},{"address":"aws_subnet.public[\"0\"]","mode":"managed","type":"aws_subnet","name":"public","index":"0","provider_name":"registry.terraform.io/hashicorp/aws","change":{"actions":["create"],"before":null,"after":{"assign_ipv6_address_on_creation":false,"availability_zone":"us-east-2a","cidr_block":"10.20.0.0/24","customer_owned_ipv4_pool":null,"enable_dns64":false,"enable_lni_at_device_index":null,"enable_resource_name_dns_a_record_on_launch":false,"enable_resource_name_dns_aaaa_record_on_launch":false,"ipv6_cidr_block":null,"ipv6_native":false,"map_customer_owned_ip_on_launch":null,"map_public_ip_on_launch":true,"outpost_arn":null,"tags":{"Name":"natanaelvich-dev-public-0"},"tags_all":{"Environment":"dev","ManagedBy":"terraform","Name":"natanaelvich-dev-public-0","Project":"natanaelvich"},"timeouts":null},"after_unknown":{"arn":true,"availability_zone_id":true,"id":true,"ipv6_cidr_block_association_id":true,"owner_id":true,"private_dns_hostname_type_on_launch":true,"tags":{},"tags_all":{},"vpc_id":true},"before_sensitive":false,"after_sensitive":{"tags":{},"tags_all":{}}}},{"address":"aws_subnet.public[\"1\"]","mode":"managed","type":"aws_subnet","name":"public","index":"1","provider_name":"registry.terraform.io/hashicorp/aws","change":{"actions":["create"],"before":null,"after":{"assign_ipv6_address_on_creation":false,"availability_zone":"us-east-2b","cidr_block":"10.20.1.0/24","customer_owned_ipv4_pool":null,"enable_dns64":false,"enable_lni_at_device_index":null,"enable_resource_name_dns_a_record_on_launch":false,"enable_resource_name_dns_aaaa_record_on_launch":false,"ipv6_cidr_block":null,"ipv6_native":false,"map_customer_owned_ip_on_launch":null,"map_public_ip_on_launch":true,"outpost_arn":null,"tags":{"Name":"natanaelvich-dev-public-1"},"tags_all":{"Environment":"dev","ManagedBy":"terraform","Name":"natanaelvich-dev-public-1","Project":"natanaelvich"},"timeouts":null},"after_unknown":{"arn":true,"availability_zone_id":true,"id":true,"ipv6_cidr_block_association_id":true,"owner_id":true,"private_dns_hostname_type_on_launch":true,"tags":{},"tags_all":{},"vpc_id":true},"before_sensitive":false,"after_sensitive":{"tags":{},"tags_all":{}}}},{"address":"aws_vpc.this","mode":"managed","type":"aws_vpc","name":"this","provider_name":"registry.terraform.io/hashicorp/aws","change":{"actions":["create"],"before":null,"after":{"assign_generated_ipv6_cidr_block":null,"cidr_block":"10.20.0.0/16","enable_dns_hostnames":true,"enable_dns_support":true,"instance_tenancy":"default","ipv4_ipam_pool_id":null,"ipv4_netmask_length":null,"ipv6_ipam_pool_id":null,"ipv6_netmask_length":null,"tags":{"Name":"natanaelvich-dev-vpc"},"tags_all":{"Environment":"dev","ManagedBy":"terraform","Name":"natanaelvich-dev-vpc","Project":"natanaelvich"}},"after_unknown":{"arn":true,"default_network_acl_id":true,"default_route_table_id":true,"default_security_group_id":true,"dhcp_options_id":true,"enable_network_address_usage_metrics":true,"id":true,"ipv6_association_id":true,"ipv6_cidr_block":true,"ipv6_cidr_block_network_border_group":true,"main_route_table_id":true,"owner_id":true,"tags":{},"tags_all":{}},"before_sensitive":false,"after_sensitive":{"tags":{},"tags_all":{}}}},{"address":"random_password.db","mode":"managed","type":"random_password","name":"db","provider_name":"registry.terraform.io/hashicorp/random","change":{"actions":["create"],"before":null,"after":{"keepers":null,"length":24,"lower":true,"min_lower":0,"min_numeric":0,"min_special":0,"min_upper":0,"number":true,"numeric":true,"override_special":"!#$%\u0026*()-_=+[]{}\u003c\u003e:?","special":true,"upper":true},"after_unknown":{"bcrypt_hash":true,"id":true,"result":true},"before_sensitive":false,"after_sensitive":{"bcrypt_hash":true,"result":true}}}],"output_changes":{"app_runner_ecr_access_role_arn":{"actions":["create"],"before":null,"after_unknown":true,"before_sensitive":false,"after_sensitive":false},"app_runner_service_url":{"actions":["create"],"before":null,"after_unknown":true,"before_sensitive":false,"after_sensitive":false},"db_secret_arn":{"actions":["create"],"before":null,"after_unknown":true,"before_sensitive":false,"after_sensitive":false},"ecr_repository_url":{"actions":["create"],"before":null,"after_unknown":true,"before_sensitive":false,"after_sensitive":false},"github_actions_role_arn":{"actions":["no-op"],"before":null,"after":null,"after_unknown":false,"before_sensitive":false,"after_sensitive":false},"rds_endpoint":{"actions":["create"],"before":null,"after_unknown":true,"before_sensitive":false,"after_sensitive":false}},"prior_state":{"format_version":"1.0","terraform_version":"1.13.5","values":{"root_module":{"resources":[{"address":"data.aws_availability_zones.available","mode":"data","type":"aws_availability_zones","name":"available","provider_name":"registry.terraform.io/hashicorp/aws","schema_version":0,"values":{"all_availability_zones":null,"exclude_names":null,"exclude_zone_ids":null,"filter":null,"group_names":[""],"id":"us-east-2","names":["us-east-2a","us-east-2b","us-east-2c"],"state":"available","timeouts":null,"zone_ids":["use2-az1","use2-az2","use2-az3"]},"sensitive_values":{"group_names":[false],"names":[false,false,false],"zone_ids":[false,false,false]}},{"address":"data.aws_caller_identity.current","mode":"data","type":"aws_caller_identity","name":"current","provider_name":"registry.terraform.io/hashicorp/aws","schema_version":0,"values":{"account_id":"000000000000","arn":"arn:aws:iam::000000000000:root","id":"000000000000","user_id":"AKIAIOSFODNN7EXAMPLE"},"sensitive_values":{}},{"address":"data.aws_partition.current","mode":"data","type":"aws_partition","name":"current","provider_name":"registry.terraform.io/hashicorp/aws","schema_version":0,"values":{"dns_suffix":"amazonaws.com","id":"aws","partition":"aws","reverse_dns_prefix":"com.amazonaws"},"sensitive_values":{}}]}}},"configuration":{"provider_config":{"aws":{"name":"aws","full_name":"registry.terraform.io/hashicorp/aws","version_constraint":"~\u003e 5.0","expressions":{"default_tags":[{"tags":{"references":["var.project","var.environment"]}}],"region":{"references":["var.aws_region"]}}},"random":{"name":"random","full_name":"registry.terraform.io/hashicorp/random","version_constraint":"~\u003e 3.6"}},"root_module":{"outputs":{"app_runner_ecr_access_role_arn":{"expression":{"references":["aws_iam_role.apprunner_ecr_access.arn","aws_iam_role.apprunner_ecr_access"]},"description":"Role ARN to be used by App Runner to pull from ECR (matches APP_RUNNER_ROLE in CI)"},"app_runner_service_url":{"expression":{"references":["aws_apprunner_service.api.service_url","aws_apprunner_service.api"]},"description":"Public App Runner service URL"},"db_secret_arn":{"expression":{"references":["aws_secretsmanager_secret.db.arn","aws_secretsmanager_secret.db"]},"description":"Secrets Manager secret ARN containing DB credentials"},"ecr_repository_url":{"expression":{"references":["aws_ecr_repository.api.repository_url","aws_ecr_repository.api"]},"description":"ECR repository URL"},"github_actions_role_arn":{"expression":{"references":["aws_iam_role.github_actions[0].arn","aws_iam_role.github_actions[0]","aws_iam_role.github_actions"]},"description":"IAM role ARN for GitHub Actions OIDC (if enabled)"},"rds_endpoint":{"expression":{"references":["aws_db_instance.mysql.address","aws_db_instance.mysql"]},"description":"RDS endpoint address"}},"resources":[{"address":"aws_apprunner_service.api","mode":"managed","type":"aws_apprunner_service","name":"api","provider_config_key":"aws","expressions":{"health_check_configuration":[{"healthy_threshold":{"constant_value":1},"interval":{"constant_value":10},"protocol":{"constant_value":"TCP"},"timeout":{"constant_value":5},"unhealthy_threshold":{"constant_value":5}}],"instance_configuration":[{"cpu":{"constant_value":"1024"},"instance_role_arn":{"references":["aws_iam_role.apprunner_instance.arn","aws_iam_role.apprunner_instance"]},"memory":{"constant_value":"2048"}}],"network_configuration":[{"egress_configuration":[{"egress_type":{"constant_value":"VPC"},"vpc_connector_arn":{"references":["aws_apprunner_vpc_connector.this.arn","aws_apprunner_vpc_connector.this"]}}]}],"service_name":{"references":["var.app_runner_service_name"]},"source_configuration":[{"authentication_configuration":[{"access_role_arn":{"references":["aws_iam_role.apprunner_ecr_access.arn","aws_iam_role.apprunner_ecr_access"]}}],"auto_deployments_enabled":{"constant_value":true},"image_repository":[{"image_configuration":[{"port":{"references":["var.app_port"]},"runtime_environment_secrets":{"references":["aws_secretsmanager_secret.db.arn","aws_secretsmanager_secret.db"]},"runtime_environment_variables":{"references":["aws_db_instance.mysql.address","aws_db_instance.mysql","var.db_name","var.db_username"]}}],"image_identifier":{"references":["aws_ecr_repository.api.repository_url","aws_ecr_repository.api"]},"image_repository_type":{"constant_value":"ECR"}}]}],"tags":{"references":["local.tags","local.name_prefix"]}},"schema_version":0,"depends_on":["aws_iam_role_policy_attachment.apprunner_ecr_access"]},{"address":"aws_apprunner_vpc_connector.this","mode":"managed","type":"aws_apprunner_vpc_connector","name":"this","provider_config_key":"aws","expressions":{"security_groups":{"references":["aws_security_group.apprunner_vpc_connector.id","aws_security_group.apprunner_vpc_connector"]},"subnets":{"references":["aws_subnet.private"]},"tags":{"references":["local.tags","local.name_prefix"]},"vpc_connector_name":{"references":["local.name_prefix"]}},"schema_version":0},{"address":"aws_db_instance.mysql","mode":"managed","type":"aws_db_instance","name":"mysql","provider_config_key":"aws","expressions":{"allocated_storage":{"references":["var.db_allocated_storage"]},"auto_minor_version_upgrade":{"constant_value":true},"backup_retention_period":{"references":["var.db_backup_retention_days"]},"db_name":{"references":["var.db_name"]},"db_subnet_group_name":{"references":["aws_db_subnet_group.this.name","aws_db_subnet_group.this"]},"deletion_protection":{"references":["var.db_deletion_protection"]},"engine":{"constant_value":"mysql"},"engine_version":{"constant_value":"8.0"},"identifier":{"references":["local.name_prefix"]},"instance_class":{"references":["var.db_instance_class"]},"multi_az":{"references":["var.db_multi_az"]},"parameter_group_name":{"references":["aws_db_parameter_group.mysql8.name","aws_db_parameter_group.mysql8"]},"password":{"references":["random_password.db.result","random_password.db"]},"publicly_accessible":{"references":["var.db_publicly_accessible"]},"skip_final_snapshot":{"constant_value":true},"storage_encrypted":{"constant_value":true},"storage_type":{"constant_value":"gp3"},"tags":{"references":["local.tags","local.name_prefix"]},"username":{"references":["var.db_username"]},"vpc_security_group_ids":{"references":["aws_security_group.rds.id","aws_security_group.rds"]}},"schema_version":2},{"address":"aws_db_parameter_group.mysql8","mode":"managed","type":"aws_db_parameter_group","name":"mysql8","provider_config_key":"aws","expressions":{"family":{"constant_value":"mysql8.0"},"name":{"references":["local.name_prefix"]},"parameter":[{"name":{"constant_value":"character_set_server"},"value":{"constant_value":"utf8mb4"}},{"name":{"constant_value":"collation_server"},"value":{"constant_value":"utf8mb4_unicode_ci"}}],"tags":{"references":["local.tags","local.name_prefix"]}},"schema_version":0},{"address":"aws_db_subnet_group.this","mode":"managed","type":"aws_db_subnet_group","name":"this","provider_config_key":"aws","expressions":{"name":{"references":["local.name_prefix"]},"subnet_ids":{"references":["aws_subnet.private"]},"tags":{"references":["local.tags","local.name_prefix"]}},"schema_version":0},{"address":"aws_ecr_lifecycle_policy.api","mode":"managed","type":"aws_ecr_lifecycle_policy","name":"api","provider_config_key":"aws","expressions":{"policy":{},"repository":{"references":["aws_ecr_repository.api.name","aws_ecr_repository.api"]}},"schema_version":0},{"address":"aws_ecr_repository.api","mode":"managed","type":"aws_ecr_repository","name":"api","provider_config_key":"aws","expressions":{"encryption_configuration":[{"encryption_type":{"constant_value":"AES256"}}],"image_scanning_configuration":[{"scan_on_push":{"constant_value":true}}],"image_tag_mutability":{"constant_value":"MUTABLE"},"name":{"references":["var.ecr_repository_name"]},"tags":{"references":["local.tags","local.name_prefix"]}},"schema_version":0},{"address":"aws_eip.nat","mode":"managed","type":"aws_eip","name":"nat","provider_config_key":"aws","expressions":{"domain":{"constant_value":"vpc"},"tags":{"references":["local.tags","local.name_prefix"]}},"schema_version":0,"count_expression":{"references":["var.enable_nat_gateway"]}},{"address":"aws_iam_policy.github_actions","mode":"managed","type":"aws_iam_policy","name":"github_actions","provider_config_key":"aws","expressions":{"name":{"references":["local.name_prefix"]},"policy":{"references":["aws_iam_role.apprunner_ecr_access.arn","aws_iam_role.apprunner_ecr_access","aws_iam_role.apprunner_instance.arn","aws_iam_role.apprunner_instance"]}},"schema_version":0,"count_expression":{"references":["var.github_repo"]}},{"address":"aws_iam_role.apprunner_ecr_access","mode":"managed","type":"aws_iam_role","name":"apprunner_ecr_access","provider_config_key":"aws","expressions":{"assume_role_policy":{},"name":{"references":["local.name_prefix"]},"tags":{"references":["local.tags"]}},"schema_version":0},{"address":"aws_iam_role.apprunner_instance","mode":"managed","type":"aws_iam_role","name":"apprunner_instance","provider_config_key":"aws","expressions":{"assume_role_policy":{},"name":{"references":["local.name_prefix"]},"tags":{"references":["local.tags"]}},"schema_version":0},{"address":"aws_iam_role.github_actions","mode":"managed","type":"aws_iam_role","name":"github_actions","provider_config_key":"aws","expressions":{"assume_role_policy":{"references":["data.aws_iam_openid_connect_provider.github[0].arn","data.aws_iam_openid_connect_provider.github[0]","data.aws_iam_openid_connect_provider.github","var.github_repo","var.github_branch"]},"name":{"references":["local.name_prefix"]},"tags":{"references":["local.tags"]}},"schema_version":0,"count_expression":{"references":["var.github_repo"]}},{"address":"aws_iam_role_policy.apprunner_instance_secrets","mode":"managed","type":"aws_iam_role_policy","name":"apprunner_instance_secrets","provider_config_key":"aws","expressions":{"name":{"references":["local.name_prefix"]},"policy":{"references":["aws_secretsmanager_secret.db.arn","aws_secretsmanager_secret.db"]},"role":{"references":["aws_iam_role.apprunner_instance.id","aws_iam_role.apprunner_instance"]}},"schema_version":0},{"address":"aws_iam_role_policy_attachment.apprunner_ecr_access","mode":"managed","type":"aws_iam_role_policy_attachment","name":"apprunner_ecr_access","provider_config_key":"aws","expressions":{"policy_arn":{"references":["data.aws_partition.current.partition","data.aws_partition.current"]},"role":{"references":["aws_iam_role.apprunner_ecr_access.name","aws_iam_role.apprunner_ecr_access"]}},"schema_version":0},{"address":"aws_iam_role_policy_attachment.github_actions","mode":"managed","type":"aws_iam_role_policy_attachment","name":"github_actions","provider_config_key":"aws","expressions":{"policy_arn":{"references":["aws_iam_policy.github_actions[0].arn","aws_iam_policy.github_actions[0]","aws_iam_policy.github_actions"]},"role":{"references":["aws_iam_role.github_actions[0].name","aws_iam_role.github_actions[0]","aws_iam_role.github_actions"]}},"schema_version":0,"count_expression":{"references":["var.github_repo"]}},{"address":"aws_internet_gateway.this","mode":"managed","type":"aws_internet_gateway","name":"this","provider_config_key":"aws","expressions":{"tags":{"references":["local.tags","local.name_prefix"]},"vpc_id":{"references":["aws_vpc.this.id","aws_vpc.this"]}},"schema_version":0},{"address":"aws_nat_gateway.this","mode":"managed","type":"aws_nat_gateway","name":"this","provider_config_key":"aws","expressions":{"allocation_id":{"references":["aws_eip.nat[0].id","aws_eip.nat[0]","aws_eip.nat"]},"subnet_id":{"references":["aws_subnet.public"]},"tags":{"references":["local.tags","local.name_prefix"]}},"schema_version":0,"count_expression":{"references":["var.enable_nat_gateway"]},"depends_on":["aws_internet_gateway.this"]},{"address":"aws_route.private_egress","mode":"managed","type":"aws_route","name":"private_egress","provider_config_key":"aws","expressions":{"destination_cidr_block":{"constant_value":"0.0.0.0/0"},"nat_gateway_id":{"references":["aws_nat_gateway.this[0].id","aws_nat_gateway.this[0]","aws_nat_gateway.this"]},"route_table_id":{"references":["aws_route_table.private.id","aws_route_table.private"]}},"schema_version":0,"count_expression":{"references":["var.enable_nat_gateway"]}},{"address":"aws_route.public_internet","mode":"managed","type":"aws_route","name":"public_internet","provider_config_key":"aws","expressions":{"destination_cidr_block":{"constant_value":"0.0.0.0/0"},"gateway_id":{"references":["aws_internet_gateway.this.id","aws_internet_gateway.this"]},"route_table_id":{"references":["aws_route_table.public.id","aws_route_table.public"]}},"schema_version":0},{"address":"aws_route_table.private","mode":"managed","type":"aws_route_table","name":"private","provider_config_key":"aws","expressions":{"tags":{"references":["local.tags","local.name_prefix"]},"vpc_id":{"references":["aws_vpc.this.id","aws_vpc.this"]}},"schema_version":0},{"address":"aws_route_table.public","mode":"managed","type":"aws_route_table","name":"public","provider_config_key":"aws","expressions":{"tags":{"references":["local.tags","local.name_prefix"]},"vpc_id":{"references":["aws_vpc.this.id","aws_vpc.this"]}},"schema_version":0},{"address":"aws_route_table_association.private","mode":"managed","type":"aws_route_table_association","name":"private","provider_config_key":"aws","expressions":{"route_table_id":{"references":["aws_route_table.private.id","aws_route_table.private"]},"subnet_id":{"references":["each.value.id","each.value"]}},"schema_version":0,"for_each_expression":{"references":["aws_subnet.private"]}},{"address":"aws_route_table_association.public","mode":"managed","type":"aws_route_table_association","name":"public","provider_config_key":"aws","expressions":{"route_table_id":{"references":["aws_route_table.public.id","aws_route_table.public"]},"subnet_id":{"references":["each.value.id","each.value"]}},"schema_version":0,"for_each_expression":{"references":["aws_subnet.public"]}},{"address":"aws_secretsmanager_secret.db","mode":"managed","type":"aws_secretsmanager_secret","name":"db","provider_config_key":"aws","expressions":{"name":{"references":["local.name_prefix"]},"recovery_window_in_days":{"constant_value":7},"tags":{"references":["local.tags","local.name_prefix"]}},"schema_version":0},{"address":"aws_secretsmanager_secret_version.db","mode":"managed","type":"aws_secretsmanager_secret_version","name":"db","provider_config_key":"aws","expressions":{"secret_id":{"references":["aws_secretsmanager_secret.db.id","aws_secretsmanager_secret.db"]},"secret_string":{"references":["var.db_username","random_password.db.result","random_password.db","var.db_name"]}},"schema_version":0},{"address":"aws_security_group.apprunner_vpc_connector","mode":"managed","type":"aws_security_group","name":"apprunner_vpc_connector","provider_config_key":"aws","expressions":{"description":{"constant_value":"Security group attached to App Runner VPC connector"},"egress":{"constant_value":[{"cidr_blocks":["0.0.0.0/0"],"description":null,"from_port":0,"ipv6_cidr_blocks":null,"prefix_list_ids":null,"protocol":"-1","security_groups":null,"self":null,"to_port":0}]},"name":{"references":["local.name_prefix"]},"tags":{"references":["local.tags","local.name_prefix"]},"vpc_id":{"references":["aws_vpc.this.id","aws_vpc.this"]}},"schema_version":1},{"address":"aws_security_group.rds","mode":"managed","type":"aws_security_group","name":"rds","provider_config_key":"aws","expressions":{"description":{"constant_value":"RDS MySQL access from App Runner VPC connector"},"egress":{"constant_value":[{"cidr_blocks":["0.0.0.0/0"],"description":null,"from_port":0,"ipv6_cidr_blocks":null,"prefix_list_ids":null,"protocol":"-1","security_groups":null,"self":null,"to_port":0}]},"ingress":{"references":["aws_security_group.apprunner_vpc_connector.id","aws_security_group.apprunner_vpc_connector"]},"name":{"references":["local.name_prefix"]},"tags":{"references":["local.tags","local.name_prefix"]},"vpc_id":{"references":["aws_vpc.this.id","aws_vpc.this"]}},"schema_version":1},{"address":"aws_subnet.private","mode":"managed","type":"aws_subnet","name":"private","provider_config_key":"aws","expressions":{"availability_zone":{"references":["local.azs","each.key"]},"cidr_block":{"references":["each.value"]},"tags":{"references":["local.tags","local.name_prefix","each.key"]},"vpc_id":{"references":["aws_vpc.this.id","aws_vpc.this"]}},"schema_version":1,"for_each_expression":{"references":["var.private_subnet_cidrs"]}},{"address":"aws_subnet.public","mode":"managed","type":"aws_subnet","name":"public","provider_config_key":"aws","expressions":{"availability_zone":{"references":["local.azs","each.key"]},"cidr_block":{"references":["each.value"]},"map_public_ip_on_launch":{"constant_value":true},"tags":{"references":["local.tags","local.name_prefix","each.key"]},"vpc_id":{"references":["aws_vpc.this.id","aws_vpc.this"]}},"schema_version":1,"for_each_expression":{"references":["var.public_subnet_cidrs"]}},{"address":"aws_vpc.this","mode":"managed","type":"aws_vpc","name":"this","provider_config_key":"aws","expressions":{"cidr_block":{"references":["var.vpc_cidr"]},"enable_dns_hostnames":{"constant_value":true},"enable_dns_support":{"constant_value":true},"tags":{"references":["local.tags","local.name_prefix"]}},"schema_version":1},{"address":"random_password.db","mode":"managed","type":"random_password","name":"db","provider_config_key":"random","expressions":{"length":{"constant_value":24},"override_special":{"constant_value":"!#$%\u0026*()-_=+[]{}\u003c\u003e:?"},"special":{"constant_value":true}},"schema_version":3},{"address":"data.aws_availability_zones.available","mode":"data","type":"aws_availability_zones","name":"available","provider_config_key":"aws","expressions":{"state":{"constant_value":"available"}},"schema_version":0},{"address":"data.aws_caller_identity.current","mode":"data","type":"aws_caller_identity","name":"current","provider_config_key":"aws","schema_version":0},{"address":"data.aws_iam_openid_connect_provider.github","mode":"data","type":"aws_iam_openid_connect_provider","name":"github","provider_config_key":"aws","expressions":{"url":{"constant_value":"https://token.actions.githubusercontent.com"}},"schema_version":0,"count_expression":{"references":["var.github_repo"]}},{"address":"data.aws_partition.current","mode":"data","type":"aws_partition","name":"current","provider_config_key":"aws","schema_version":0}],"variables":{"app_port":{"default":3000,"description":"Container port exposed by the NestJS app"},"app_runner_service_name":{"default":"natanaelvich-api","description":"App Runner service name"},"aws_region":{"default":"us-east-2","description":"AWS region"},"db_allocated_storage":{"default":20,"description":"RDS allocated storage (GiB)"},"db_backup_retention_days":{"default":7,"description":"RDS backup retention in days"},"db_deletion_protection":{"default":false,"description":"Whether to enable deletion protection for RDS"},"db_instance_class":{"default":"db.t4g.micro","description":"RDS instance class"},"db_multi_az":{"default":false,"description":"Whether to enable Multi-AZ for RDS"},"db_name":{"default":"rocketseat-db","description":"MySQL database name"},"db_publicly_accessible":{"default":false,"description":"Whether the DB should be publicly accessible (should be false)"},"db_username":{"default":"admin","description":"MySQL username"},"ecr_repository_name":{"default":"natanaelvich-ci","description":"ECR repository name"},"enable_nat_gateway":{"default":false,"description":"Create a NAT gateway for private subnet egress (not required for RDS-only private access)"},"environment":{"default":"dev","description":"Environment name (e.g., dev, staging, prod)"},"github_branch":{"default":"main","description":"GitHub branch allowed to assume the role (e.g., main)"},"github_repo":{"default":"","description":"GitHub repository in the form owner/repo for OIDC trust (e.g., andi/myrepo). Used to create the GitHub Actions role."},"private_subnet_cidrs":{"default":["10.20.10.0/24","10.20.11.0/24"],"description":"Private subnet CIDRs (2 AZs)"},"project":{"default":"natanaelvich","description":"Project/name prefix for resources"},"public_subnet_cidrs":{"default":["10.20.0.0/24","10.20.1.0/24"],"description":"Public subnet CIDRs (2 AZs)"},"vpc_cidr":{"default":"10.20.0.0/16","description":"VPC CIDR"}}}},"relevant_attributes":[{"resource":"data.aws_partition.current","attribute":["partition"]},{"resource":"aws_ecr_repository.api","attribute":["name"]},{"resource":"aws_secretsmanager_secret.db","attribute":["id"]},{"resource":"aws_db_parameter_group.mysql8","attribute":["name"]},{"resource":"aws_route_table.private","attribute":["id"]},{"resource":"aws_apprunner_vpc_connector.this","attribute":["arn"]},{"resource":"aws_db_subnet_group.this","attribute":["name"]},{"resource":"aws_iam_role.apprunner_instance","attribute":["id"]},{"resource":"data.aws_availability_zones.available","attribute":["names"]},{"resource":"aws_iam_role.apprunner_ecr_access","attribute":["arn"]},{"resource":"aws_internet_gateway.this","attribute":["id"]},{"resource":"aws_vpc.this","attribute":["id"]},{"resource":"aws_route_table.public","attribute":["id"]},{"resource":"random_password.db","attribute":["result"]},{"resource":"aws_iam_role.apprunner_instance","attribute":["arn"]},{"resource":"aws_subnet.private","attribute":[]},{"resource":"aws_iam_role.apprunner_ecr_access","attribute":["name"]},{"resource":"aws_subnet.public","attribute":[]},{"resource":"aws_security_group.apprunner_vpc_connector","attribute":["id"]},{"resource":"aws_apprunner_service.api","attribute":["service_url"]},{"resource":"aws_db_instance.mysql","attribute":["address"]},{"resource":"aws_ecr_repository.api","attribute":["repository_url"]},{"resource":"aws_security_group.rds","attribute":["id"]},{"resource":"aws_secretsmanager_secret.db","attribute":["arn"]}],"timestamp":"2026-01-27T15:38:04Z","applyable":true,"complete":true,"errored":false}
