{"format_version":"1.2","terraform_version":"1.13.5","variables":{"aws_access_key":{"value":"your-cloudprovider-app-key"},"aws_region":{"value":"us-east-1"},"aws_secret_key":{"value":"your-cloudprovider-secret-key"},"container_port":{"value":5678},"private_subnet_1_az":{"value":"us-east-1a"},"private_subnet_1_cidr":{"value":"10.0.3.0/24"},"private_subnet_2_az":{"value":"us-east-1b"},"private_subnet_2_cidr":{"value":"10.0.4.0/24"},"public_subnet_1_az":{"value":"us-east-1a"},"public_subnet_1_cidr":{"value":"10.0.1.0/24"},"public_subnet_2_az":{"value":"us-east-1b"},"public_subnet_2_cidr":{"value":"10.0.2.0/24"},"revamp_elb_name":{"value":"poc-accessment-elb"},"task_execution_role":{"value":"arn:aws:iam::062000045886:role/ecsTaskExecutionRole"},"vpc_cidr":{"value":"10.0.0.0/16"},"vpc_name":{"value":"my-vpc-02"}},"planned_values":{"root_module":{"resources":[{"address":"aws_cloudwatch_log_group.ecs_cluster","mode":"managed","type":"aws_cloudwatch_log_group","name":"ecs_cluster","provider_name":"registry.terraform.io/hashicorp/aws","schema_version":0,"values":{"kms_key_id":null,"name":"ecs_cluster","retention_in_days":0,"skip_destroy":false,"tags":null},"sensitive_values":{"tags_all":{}}},{"address":"aws_cloudwatch_log_group.frontend_landing_page-apps","mode":"managed","type":"aws_cloudwatch_log_group","name":"frontend_landing_page-apps","provider_name":"registry.terraform.io/hashicorp/aws","schema_version":0,"values":{"kms_key_id":null,"name":"frontend-landing-page-log-group","retention_in_days":0,"skip_destroy":false,"tags":null},"sensitive_values":{"tags_all":{}}},{"address":"aws_cloudwatch_metric_alarm.ecs_cpu_alarm","mode":"managed","type":"aws_cloudwatch_metric_alarm","name":"ecs_cpu_alarm","provider_name":"registry.terraform.io/hashicorp/aws","schema_version":1,"values":{"actions_enabled":true,"alarm_description":"Alarm when CPU utilization exceeds 70%","alarm_name":"ecs-cpu-alarm","comparison_operator":"GreaterThanThreshold","datapoints_to_alarm":null,"evaluation_periods":1,"extended_statistic":null,"insufficient_data_actions":null,"metric_name":"CPUUtilization","metric_query":[],"namespace":"AWS/ECS","ok_actions":null,"period":300,"statistic":"Average","tags":null,"threshold":70,"threshold_metric_id":null,"treat_missing_data":"missing","unit":null},"sensitive_values":{"alarm_actions":[],"dimensions":{},"metric_query":[],"tags_all":{}}},{"address":"aws_ecs_cluster.poc_assessment","mode":"managed","type":"aws_ecs_cluster","name":"poc_assessment","provider_name":"registry.terraform.io/hashicorp/aws","schema_version":0,"values":{"configuration":[{"execute_command_configuration":[{"kms_key_id":null,"log_configuration":[{"cloud_watch_encryption_enabled":null,"cloud_watch_log_group_name":"frontend-landing-page-log-group","s3_bucket_encryption_enabled":null,"s3_bucket_name":null,"s3_key_prefix":null}],"logging":"OVERRIDE"}],"managed_storage_configuration":[]}],"name":"white-hart","service_connect_defaults":[],"tags":null},"sensitive_values":{"configuration":[{"execute_command_configuration":[{"log_configuration":[{}]}],"managed_storage_configuration":[]}],"service_connect_defaults":[],"setting":[],"tags_all":{}}},{"address":"aws_ecs_service.poc_assessment_service","mode":"managed","type":"aws_ecs_service","name":"poc_assessment_service","provider_name":"registry.terraform.io/hashicorp/aws","schema_version":1,"values":{"alarms":[],"availability_zone_rebalancing":"DISABLED","capacity_provider_strategy":[],"cluster":"white-hart","deployment_circuit_breaker":[],"deployment_controller":[],"deployment_maximum_percent":200,"deployment_minimum_healthy_percent":100,"desired_count":2,"enable_ecs_managed_tags":false,"enable_execute_command":false,"force_delete":null,"force_new_deployment":null,"health_check_grace_period_seconds":null,"launch_type":"FARGATE","load_balancer":[{"container_name":"hashicorp-http-echo-container","container_port":5678,"elb_name":""}],"name":"Poc-Assessment","network_configuration":[{"assign_public_ip":false}],"ordered_placement_strategy":[],"placement_constraints":[],"propagate_tags":null,"scheduling_strategy":"REPLICA","service_connect_configuration":[],"service_registries":[],"tags":null,"timeouts":null,"volume_configuration":[],"vpc_lattice_configurations":[],"wait_for_steady_state":false},"sensitive_values":{"alarms":[],"capacity_provider_strategy":[],"deployment_circuit_breaker":[],"deployment_controller":[],"load_balancer":[{}],"network_configuration":[{"security_groups":[],"subnets":[]}],"ordered_placement_strategy":[],"placement_constraints":[],"service_connect_configuration":[],"service_registries":[],"tags_all":{},"triggers":{},"volume_configuration":[],"vpc_lattice_configurations":[]}},{"address":"aws_ecs_task_definition.poc_assessment","mode":"managed","type":"aws_ecs_task_definition","name":"poc_assessment","provider_name":"registry.terraform.io/hashicorp/aws","schema_version":1,"values":{"container_definitions":"[{\"essential\":true,\"image\":\"hashicorp/http-echo\",\"logConfiguration\":{\"logDriver\":\"awslogs\",\"options\":{\"awslogs-group\":\"frontend-landing-page-log-group\",\"awslogs-region\":\"us-east-1\",\"awslogs-stream-prefix\":\"ecs\"}},\"name\":\"hashicorp-http-echo-container\",\"portMappings\":[{\"containerPort\":5678}]}]","cpu":"256","ephemeral_storage":[],"execution_role_arn":"arn:aws:iam::062000045886:role/ecsTaskExecutionRole","family":"poc-Assessment","inference_accelerator":[],"ipc_mode":null,"memory":"512","network_mode":"awsvpc","pid_mode":null,"placement_constraints":[],"proxy_configuration":[],"requires_compatibilities":["FARGATE"],"runtime_platform":[{"cpu_architecture":"X86_64","operating_system_family":"LINUX"}],"skip_destroy":false,"tags":null,"task_role_arn":null,"track_latest":false,"volume":[]},"sensitive_values":{"ephemeral_storage":[],"inference_accelerator":[],"placement_constraints":[],"proxy_configuration":[],"requires_compatibilities":[false],"runtime_platform":[{}],"tags_all":{},"volume":[]}},{"address":"aws_eip.nat_eip_1","mode":"managed","type":"aws_eip","name":"nat_eip_1","provider_name":"registry.terraform.io/hashicorp/aws","schema_version":0,"values":{"address":null,"associate_with_private_ip":null,"customer_owned_ipv4_pool":null,"domain":"vpc","tags":null,"timeouts":null},"sensitive_values":{"tags_all":{}}},{"address":"aws_eip.nat_eip_2","mode":"managed","type":"aws_eip","name":"nat_eip_2","provider_name":"registry.terraform.io/hashicorp/aws","schema_version":0,"values":{"address":null,"associate_with_private_ip":null,"customer_owned_ipv4_pool":null,"domain":"vpc","tags":null,"timeouts":null},"sensitive_values":{"tags_all":{}}},{"address":"aws_internet_gateway.my-internet-gateway","mode":"managed","type":"aws_internet_gateway","name":"my-internet-gateway","provider_name":"registry.terraform.io/hashicorp/aws","schema_version":0,"values":{"tags":{"Name":"my-internet-gateway"},"tags_all":{"Name":"my-internet-gateway"},"timeouts":null},"sensitive_values":{"tags":{},"tags_all":{}}},{"address":"aws_lb.poc-revamp-elb","mode":"managed","type":"aws_lb","name":"poc-revamp-elb","provider_name":"registry.terraform.io/hashicorp/aws","schema_version":0,"values":{"access_logs":[],"client_keep_alive":3600,"connection_logs":[],"customer_owned_ipv4_pool":null,"desync_mitigation_mode":"defensive","dns_record_client_routing_policy":null,"drop_invalid_header_fields":false,"enable_cross_zone_load_balancing":null,"enable_deletion_protection":false,"enable_http2":true,"enable_tls_version_and_cipher_suite_headers":false,"enable_waf_fail_open":false,"enable_xff_client_port":false,"enable_zonal_shift":false,"idle_timeout":60,"internal":false,"ipam_pools":[],"load_balancer_type":"application","minimum_load_balancer_capacity":[],"name":"poc-accessment-elb","preserve_host_header":false,"tags":null,"timeouts":null,"xff_header_processing_mode":"append"},"sensitive_values":{"access_logs":[],"connection_logs":[],"ipam_pools":[],"minimum_load_balancer_capacity":[],"security_groups":[],"subnet_mapping":[],"subnets":[],"tags_all":{}}},{"address":"aws_lb_listener.revamp_frontend_landing","mode":"managed","type":"aws_lb_listener","name":"revamp_frontend_landing","provider_name":"registry.terraform.io/hashicorp/aws","schema_version":0,"values":{"alpn_policy":null,"certificate_arn":null,"default_action":[{"authenticate_cognito":[],"authenticate_oidc":[],"fixed_response":[],"forward":[],"redirect":[],"type":"forward"}],"port":80,"protocol":"HTTP","tags":null,"timeouts":null},"sensitive_values":{"default_action":[{"authenticate_cognito":[],"authenticate_oidc":[],"fixed_response":[],"forward":[],"redirect":[]}],"mutual_authentication":[],"tags_all":{}}},{"address":"aws_lb_target_group.poc_revamp_ecs_containers","mode":"managed","type":"aws_lb_target_group","name":"poc_revamp_ecs_containers","provider_name":"registry.terraform.io/hashicorp/aws","schema_version":0,"values":{"deregistration_delay":"300","health_check":[{"enabled":true,"healthy_threshold":3,"interval":30,"matcher":"200","path":"/","port":"traffic-port","protocol":"HTTP","timeout":3,"unhealthy_threshold":2}],"lambda_multi_value_headers_enabled":false,"name":"poc-load-balancer-Group","port":5678,"protocol":"HTTP","proxy_protocol_v2":false,"slow_start":0,"tags":null,"target_type":"ip"},"sensitive_values":{"health_check":[{}],"load_balancer_arns":[],"stickiness":[],"tags_all":{},"target_failover":[],"target_group_health":[],"target_health_state":[]}},{"address":"aws_nat_gateway.nat_gateway_1","mode":"managed","type":"aws_nat_gateway","name":"nat_gateway_1","provider_name":"registry.terraform.io/hashicorp/aws","schema_version":0,"values":{"connectivity_type":"public","secondary_allocation_ids":null,"tags":null,"timeouts":null},"sensitive_values":{"secondary_private_ip_addresses":[],"tags_all":{}}},{"address":"aws_nat_gateway.nat_gateway_2","mode":"managed","type":"aws_nat_gateway","name":"nat_gateway_2","provider_name":"registry.terraform.io/hashicorp/aws","schema_version":0,"values":{"connectivity_type":"public","secondary_allocation_ids":null,"tags":null,"timeouts":null},"sensitive_values":{"secondary_private_ip_addresses":[],"tags_all":{}}},{"address":"aws_route_table.private_route_table_1","mode":"managed","type":"aws_route_table","name":"private_route_table_1","provider_name":"registry.terraform.io/hashicorp/aws","schema_version":0,"values":{"route":[{"carrier_gateway_id":"","cidr_block":"0.0.0.0/0","core_network_arn":"","destination_prefix_list_id":"","egress_only_gateway_id":"","gateway_id":"","ipv6_cidr_block":"","local_gateway_id":"","network_interface_id":"","transit_gateway_id":"","vpc_endpoint_id":"","vpc_peering_connection_id":""}],"tags":{"Name":"Public-Route-Table"},"tags_all":{"Name":"Public-Route-Table"},"timeouts":null},"sensitive_values":{"propagating_vgws":[],"route":[{}],"tags":{},"tags_all":{}}},{"address":"aws_route_table.private_route_table_2","mode":"managed","type":"aws_route_table","name":"private_route_table_2","provider_name":"registry.terraform.io/hashicorp/aws","schema_version":0,"values":{"route":[{"carrier_gateway_id":"","cidr_block":"0.0.0.0/0","core_network_arn":"","destination_prefix_list_id":"","egress_only_gateway_id":"","gateway_id":"","ipv6_cidr_block":"","local_gateway_id":"","network_interface_id":"","transit_gateway_id":"","vpc_endpoint_id":"","vpc_peering_connection_id":""}],"tags":{"Name":"Public-Route-Table"},"tags_all":{"Name":"Public-Route-Table"},"timeouts":null},"sensitive_values":{"propagating_vgws":[],"route":[{}],"tags":{},"tags_all":{}}},{"address":"aws_route_table.public_route_table","mode":"managed","type":"aws_route_table","name":"public_route_table","provider_name":"registry.terraform.io/hashicorp/aws","schema_version":0,"values":{"route":[{"carrier_gateway_id":"","cidr_block":"0.0.0.0/0","core_network_arn":"","destination_prefix_list_id":"","egress_only_gateway_id":"","ipv6_cidr_block":"","local_gateway_id":"","nat_gateway_id":"","network_interface_id":"","transit_gateway_id":"","vpc_endpoint_id":"","vpc_peering_connection_id":""}],"tags":{"Name":"Public-Route-Table"},"tags_all":{"Name":"Public-Route-Table"},"timeouts":null},"sensitive_values":{"propagating_vgws":[],"route":[{}],"tags":{},"tags_all":{}}},{"address":"aws_route_table_association.private_subnet_1_association","mode":"managed","type":"aws_route_table_association","name":"private_subnet_1_association","provider_name":"registry.terraform.io/hashicorp/aws","schema_version":0,"values":{"gateway_id":null,"timeouts":null},"sensitive_values":{}},{"address":"aws_route_table_association.private_subnet_2_association","mode":"managed","type":"aws_route_table_association","name":"private_subnet_2_association","provider_name":"registry.terraform.io/hashicorp/aws","schema_version":0,"values":{"gateway_id":null,"timeouts":null},"sensitive_values":{}},{"address":"aws_route_table_association.public_subnet_1_association","mode":"managed","type":"aws_route_table_association","name":"public_subnet_1_association","provider_name":"registry.terraform.io/hashicorp/aws","schema_version":0,"values":{"gateway_id":null,"timeouts":null},"sensitive_values":{}},{"address":"aws_route_table_association.public_subnet_2_association","mode":"managed","type":"aws_route_table_association","name":"public_subnet_2_association","provider_name":"registry.terraform.io/hashicorp/aws","schema_version":0,"values":{"gateway_id":null,"timeouts":null},"sensitive_values":{}},{"address":"aws_security_group.ecs_security_group","mode":"managed","type":"aws_security_group","name":"ecs_security_group","provider_name":"registry.terraform.io/hashicorp/aws","schema_version":1,"values":{"description":"Security group allowing ports 80","name":"POC-SG","revoke_rules_on_delete":false,"tags":null,"timeouts":null},"sensitive_values":{"egress":[],"ingress":[],"tags_all":{}}},{"address":"aws_security_group.elb_security_group","mode":"managed","type":"aws_security_group","name":"elb_security_group","provider_name":"registry.terraform.io/hashicorp/aws","schema_version":1,"values":{"description":"Allow http inbound traffic from anywhere","name":"application-load-balancer","revoke_rules_on_delete":false,"tags":null,"timeouts":null},"sensitive_values":{"egress":[],"ingress":[],"tags_all":{}}},{"address":"aws_security_group_rule.allow_http_egress_traffic","mode":"managed","type":"aws_security_group_rule","name":"allow_http_egress_traffic","provider_name":"registry.terraform.io/hashicorp/aws","schema_version":2,"values":{"cidr_blocks":["0.0.0.0/0"],"description":null,"from_port":0,"ipv6_cidr_blocks":null,"prefix_list_ids":null,"protocol":"-1","self":false,"timeouts":null,"to_port":0,"type":"egress"},"sensitive_values":{"cidr_blocks":[false]}},{"address":"aws_security_group_rule.allow_http_ingress_traffic","mode":"managed","type":"aws_security_group_rule","name":"allow_http_ingress_traffic","provider_name":"registry.terraform.io/hashicorp/aws","schema_version":2,"values":{"cidr_blocks":null,"description":null,"from_port":5678,"ipv6_cidr_blocks":null,"prefix_list_ids":null,"protocol":"tcp","self":false,"timeouts":null,"to_port":5678,"type":"ingress"},"sensitive_values":{}},{"address":"aws_security_group_rule.elb_allow_http_egress_traffic","mode":"managed","type":"aws_security_group_rule","name":"elb_allow_http_egress_traffic","provider_name":"registry.terraform.io/hashicorp/aws","schema_version":2,"values":{"cidr_blocks":["0.0.0.0/0"],"description":null,"from_port":0,"ipv6_cidr_blocks":null,"prefix_list_ids":null,"protocol":"-1","self":false,"timeouts":null,"to_port":0,"type":"egress"},"sensitive_values":{"cidr_blocks":[false]}},{"address":"aws_security_group_rule.elb_allow_http_ingress_traffic","mode":"managed","type":"aws_security_group_rule","name":"elb_allow_http_ingress_traffic","provider_name":"registry.terraform.io/hashicorp/aws","schema_version":2,"values":{"cidr_blocks":["0.0.0.0/0"],"description":null,"from_port":80,"ipv6_cidr_blocks":null,"prefix_list_ids":null,"protocol":"tcp","self":false,"timeouts":null,"to_port":80,"type":"ingress"},"sensitive_values":{"cidr_blocks":[false]}},{"address":"aws_sns_topic.notification_topic","mode":"managed","type":"aws_sns_topic","name":"notification_topic","provider_name":"registry.terraform.io/hashicorp/aws","schema_version":0,"values":{"application_failure_feedback_role_arn":null,"application_success_feedback_role_arn":null,"application_success_feedback_sample_rate":null,"archive_policy":null,"content_based_deduplication":false,"delivery_policy":null,"display_name":null,"fifo_topic":false,"firehose_failure_feedback_role_arn":null,"firehose_success_feedback_role_arn":null,"firehose_success_feedback_sample_rate":null,"http_failure_feedback_role_arn":null,"http_success_feedback_role_arn":null,"http_success_feedback_sample_rate":null,"kms_master_key_id":null,"lambda_failure_feedback_role_arn":null,"lambda_success_feedback_role_arn":null,"lambda_success_feedback_sample_rate":null,"name":"ecs-cpu-usage-alert","sqs_failure_feedback_role_arn":null,"sqs_success_feedback_role_arn":null,"sqs_success_feedback_sample_rate":null,"tags":null},"sensitive_values":{"tags_all":{}}},{"address":"aws_sns_topic_subscription.email_subscription","mode":"managed","type":"aws_sns_topic_subscription","name":"email_subscription","provider_name":"registry.terraform.io/hashicorp/aws","schema_version":0,"values":{"confirmation_timeout_in_minutes":1,"delivery_policy":null,"endpoint":"Josephifekwe97@gmail.com","endpoint_auto_confirms":false,"filter_policy":null,"protocol":"email","raw_message_delivery":false,"redrive_policy":null,"replay_policy":null,"subscription_role_arn":null},"sensitive_values":{}},{"address":"aws_subnet.private_subnet_1","mode":"managed","type":"aws_subnet","name":"private_subnet_1","provider_name":"registry.terraform.io/hashicorp/aws","schema_version":1,"values":{"assign_ipv6_address_on_creation":false,"availability_zone":"us-east-1a","cidr_block":"10.0.3.0/24","customer_owned_ipv4_pool":null,"enable_dns64":false,"enable_lni_at_device_index":null,"enable_resource_name_dns_a_record_on_launch":false,"enable_resource_name_dns_aaaa_record_on_launch":false,"ipv6_cidr_block":null,"ipv6_native":false,"map_customer_owned_ip_on_launch":null,"map_public_ip_on_launch":false,"outpost_arn":null,"tags":{"Name":"Private-Subnet-1"},"tags_all":{"Name":"Private-Subnet-1"},"timeouts":null},"sensitive_values":{"tags":{},"tags_all":{}}},{"address":"aws_subnet.private_subnet_2","mode":"managed","type":"aws_subnet","name":"private_subnet_2","provider_name":"registry.terraform.io/hashicorp/aws","schema_version":1,"values":{"assign_ipv6_address_on_creation":false,"availability_zone":"us-east-1b","cidr_block":"10.0.4.0/24","customer_owned_ipv4_pool":null,"enable_dns64":false,"enable_lni_at_device_index":null,"enable_resource_name_dns_a_record_on_launch":false,"enable_resource_name_dns_aaaa_record_on_launch":false,"ipv6_cidr_block":null,"ipv6_native":false,"map_customer_owned_ip_on_launch":null,"map_public_ip_on_launch":false,"outpost_arn":null,"tags":{"Name":"Private-Subnet-2"},"tags_all":{"Name":"Private-Subnet-2"},"timeouts":null},"sensitive_values":{"tags":{},"tags_all":{}}},{"address":"aws_subnet.public_subnet_1","mode":"managed","type":"aws_subnet","name":"public_subnet_1","provider_name":"registry.terraform.io/hashicorp/aws","schema_version":1,"values":{"assign_ipv6_address_on_creation":false,"availability_zone":"us-east-1a","cidr_block":"10.0.1.0/24","customer_owned_ipv4_pool":null,"enable_dns64":false,"enable_lni_at_device_index":null,"enable_resource_name_dns_a_record_on_launch":false,"enable_resource_name_dns_aaaa_record_on_launch":false,"ipv6_cidr_block":null,"ipv6_native":false,"map_customer_owned_ip_on_launch":null,"map_public_ip_on_launch":false,"outpost_arn":null,"tags":{"Name":"Public-Subnet-1"},"tags_all":{"Name":"Public-Subnet-1"},"timeouts":null},"sensitive_values":{"tags":{},"tags_all":{}}},{"address":"aws_subnet.public_subnet_2","mode":"managed","type":"aws_subnet","name":"public_subnet_2","provider_name":"registry.terraform.io/hashicorp/aws","schema_version":1,"values":{"assign_ipv6_address_on_creation":false,"availability_zone":"us-east-1b","cidr_block":"10.0.2.0/24","customer_owned_ipv4_pool":null,"enable_dns64":false,"enable_lni_at_device_index":null,"enable_resource_name_dns_a_record_on_launch":false,"enable_resource_name_dns_aaaa_record_on_launch":false,"ipv6_cidr_block":null,"ipv6_native":false,"map_customer_owned_ip_on_launch":null,"map_public_ip_on_launch":false,"outpost_arn":null,"tags":{"Name":"Public-Subnet-2"},"tags_all":{"Name":"Public-Subnet-2"},"timeouts":null},"sensitive_values":{"tags":{},"tags_all":{}}},{"address":"aws_vpc.my-vpc-02","mode":"managed","type":"aws_vpc","name":"my-vpc-02","provider_name":"registry.terraform.io/hashicorp/aws","schema_version":1,"values":{"assign_generated_ipv6_cidr_block":null,"cidr_block":"10.0.0.0/16","enable_dns_support":true,"instance_tenancy":"default","ipv4_ipam_pool_id":null,"ipv4_netmask_length":null,"ipv6_ipam_pool_id":null,"ipv6_netmask_length":null,"tags":{"Name":"my-vpc-02"},"tags_all":{"Name":"my-vpc-02"}},"sensitive_values":{"tags":{},"tags_all":{}}}]}},"resource_changes":[{"address":"aws_cloudwatch_log_group.ecs_cluster","mode":"managed","type":"aws_cloudwatch_log_group","name":"ecs_cluster","provider_name":"registry.terraform.io/hashicorp/aws","change":{"actions":["create"],"before":null,"after":{"kms_key_id":null,"name":"ecs_cluster","retention_in_days":0,"skip_destroy":false,"tags":null},"after_unknown":{"arn":true,"id":true,"log_group_class":true,"name_prefix":true,"tags_all":true},"before_sensitive":false,"after_sensitive":{"tags_all":{}}}},{"address":"aws_cloudwatch_log_group.frontend_landing_page-apps","mode":"managed","type":"aws_cloudwatch_log_group","name":"frontend_landing_page-apps","provider_name":"registry.terraform.io/hashicorp/aws","change":{"actions":["create"],"before":null,"after":{"kms_key_id":null,"name":"frontend-landing-page-log-group","retention_in_days":0,"skip_destroy":false,"tags":null},"after_unknown":{"arn":true,"id":true,"log_group_class":true,"name_prefix":true,"tags_all":true},"before_sensitive":false,"after_sensitive":{"tags_all":{}}}},{"address":"aws_cloudwatch_metric_alarm.ecs_cpu_alarm","mode":"managed","type":"aws_cloudwatch_metric_alarm","name":"ecs_cpu_alarm","provider_name":"registry.terraform.io/hashicorp/aws","change":{"actions":["create"],"before":null,"after":{"actions_enabled":true,"alarm_description":"Alarm when CPU utilization exceeds 70%","alarm_name":"ecs-cpu-alarm","comparison_operator":"GreaterThanThreshold","datapoints_to_alarm":null,"evaluation_periods":1,"extended_statistic":null,"insufficient_data_actions":null,"metric_name":"CPUUtilization","metric_query":[],"namespace":"AWS/ECS","ok_actions":null,"period":300,"statistic":"Average","tags":null,"threshold":70,"threshold_metric_id":null,"treat_missing_data":"missing","unit":null},"after_unknown":{"alarm_actions":true,"arn":true,"dimensions":true,"evaluate_low_sample_count_percentiles":true,"id":true,"metric_query":[],"tags_all":true},"before_sensitive":false,"after_sensitive":{"alarm_actions":[],"dimensions":{},"metric_query":[],"tags_all":{}}}},{"address":"aws_ecs_cluster.poc_assessment","mode":"managed","type":"aws_ecs_cluster","name":"poc_assessment","provider_name":"registry.terraform.io/hashicorp/aws","change":{"actions":["create"],"before":null,"after":{"configuration":[{"execute_command_configuration":[{"kms_key_id":null,"log_configuration":[{"cloud_watch_encryption_enabled":null,"cloud_watch_log_group_name":"frontend-landing-page-log-group","s3_bucket_encryption_enabled":null,"s3_bucket_name":null,"s3_key_prefix":null}],"logging":"OVERRIDE"}],"managed_storage_configuration":[]}],"name":"white-hart","service_connect_defaults":[],"tags":null},"after_unknown":{"arn":true,"configuration":[{"execute_command_configuration":[{"log_configuration":[{}]}],"managed_storage_configuration":[]}],"id":true,"service_connect_defaults":[],"setting":true,"tags_all":true},"before_sensitive":false,"after_sensitive":{"configuration":[{"execute_command_configuration":[{"log_configuration":[{}]}],"managed_storage_configuration":[]}],"service_connect_defaults":[],"setting":[],"tags_all":{}}}},{"address":"aws_ecs_service.poc_assessment_service","mode":"managed","type":"aws_ecs_service","name":"poc_assessment_service","provider_name":"registry.terraform.io/hashicorp/aws","change":{"actions":["create"],"before":null,"after":{"alarms":[],"availability_zone_rebalancing":"DISABLED","capacity_provider_strategy":[],"cluster":"white-hart","deployment_circuit_breaker":[],"deployment_controller":[],"deployment_maximum_percent":200,"deployment_minimum_healthy_percent":100,"desired_count":2,"enable_ecs_managed_tags":false,"enable_execute_command":false,"force_delete":null,"force_new_deployment":null,"health_check_grace_period_seconds":null,"launch_type":"FARGATE","load_balancer":[{"container_name":"hashicorp-http-echo-container","container_port":5678,"elb_name":""}],"name":"Poc-Assessment","network_configuration":[{"assign_public_ip":false}],"ordered_placement_strategy":[],"placement_constraints":[],"propagate_tags":null,"scheduling_strategy":"REPLICA","service_connect_configuration":[],"service_registries":[],"tags":null,"timeouts":null,"volume_configuration":[],"vpc_lattice_configurations":[],"wait_for_steady_state":false},"after_unknown":{"alarms":[],"capacity_provider_strategy":[],"deployment_circuit_breaker":[],"deployment_controller":[],"iam_role":true,"id":true,"load_balancer":[{"target_group_arn":true}],"network_configuration":[{"security_groups":true,"subnets":true}],"ordered_placement_strategy":[],"placement_constraints":[],"platform_version":true,"service_connect_configuration":[],"service_registries":[],"tags_all":true,"task_definition":true,"triggers":true,"volume_configuration":[],"vpc_lattice_configurations":[]},"before_sensitive":false,"after_sensitive":{"alarms":[],"capacity_provider_strategy":[],"deployment_circuit_breaker":[],"deployment_controller":[],"load_balancer":[{}],"network_configuration":[{"security_groups":[],"subnets":[]}],"ordered_placement_strategy":[],"placement_constraints":[],"service_connect_configuration":[],"service_registries":[],"tags_all":{},"triggers":{},"volume_configuration":[],"vpc_lattice_configurations":[]}}},{"address":"aws_ecs_task_definition.poc_assessment","mode":"managed","type":"aws_ecs_task_definition","name":"poc_assessment","provider_name":"registry.terraform.io/hashicorp/aws","change":{"actions":["create"],"before":null,"after":{"container_definitions":"[{\"essential\":true,\"image\":\"hashicorp/http-echo\",\"logConfiguration\":{\"logDriver\":\"awslogs\",\"options\":{\"awslogs-group\":\"frontend-landing-page-log-group\",\"awslogs-region\":\"us-east-1\",\"awslogs-stream-prefix\":\"ecs\"}},\"name\":\"hashicorp-http-echo-container\",\"portMappings\":[{\"containerPort\":5678}]}]","cpu":"256","ephemeral_storage":[],"execution_role_arn":"arn:aws:iam::062000045886:role/ecsTaskExecutionRole","family":"poc-Assessment","inference_accelerator":[],"ipc_mode":null,"memory":"512","network_mode":"awsvpc","pid_mode":null,"placement_constraints":[],"proxy_configuration":[],"requires_compatibilities":["FARGATE"],"runtime_platform":[{"cpu_architecture":"X86_64","operating_system_family":"LINUX"}],"skip_destroy":false,"tags":null,"task_role_arn":null,"track_latest":false,"volume":[]},"after_unknown":{"arn":true,"arn_without_revision":true,"enable_fault_injection":true,"ephemeral_storage":[],"id":true,"inference_accelerator":[],"placement_constraints":[],"proxy_configuration":[],"requires_compatibilities":[false],"revision":true,"runtime_platform":[{}],"tags_all":true,"volume":[]},"before_sensitive":false,"after_sensitive":{"ephemeral_storage":[],"inference_accelerator":[],"placement_constraints":[],"proxy_configuration":[],"requires_compatibilities":[false],"runtime_platform":[{}],"tags_all":{},"volume":[]}}},{"address":"aws_eip.nat_eip_1","mode":"managed","type":"aws_eip","name":"nat_eip_1","provider_name":"registry.terraform.io/hashicorp/aws","change":{"actions":["create"],"before":null,"after":{"address":null,"associate_with_private_ip":null,"customer_owned_ipv4_pool":null,"domain":"vpc","tags":null,"timeouts":null},"after_unknown":{"allocation_id":true,"arn":true,"association_id":true,"carrier_ip":true,"customer_owned_ip":true,"id":true,"instance":true,"ipam_pool_id":true,"network_border_group":true,"network_interface":true,"private_dns":true,"private_ip":true,"ptr_record":true,"public_dns":true,"public_ip":true,"public_ipv4_pool":true,"tags_all":true,"vpc":true},"before_sensitive":false,"after_sensitive":{"tags_all":{}}}},{"address":"aws_eip.nat_eip_2","mode":"managed","type":"aws_eip","name":"nat_eip_2","provider_name":"registry.terraform.io/hashicorp/aws","change":{"actions":["create"],"before":null,"after":{"address":null,"associate_with_private_ip":null,"customer_owned_ipv4_pool":null,"domain":"vpc","tags":null,"timeouts":null},"after_unknown":{"allocation_id":true,"arn":true,"association_id":true,"carrier_ip":true,"customer_owned_ip":true,"id":true,"instance":true,"ipam_pool_id":true,"network_border_group":true,"network_interface":true,"private_dns":true,"private_ip":true,"ptr_record":true,"public_dns":true,"public_ip":true,"public_ipv4_pool":true,"tags_all":true,"vpc":true},"before_sensitive":false,"after_sensitive":{"tags_all":{}}}},{"address":"aws_internet_gateway.my-internet-gateway","mode":"managed","type":"aws_internet_gateway","name":"my-internet-gateway","provider_name":"registry.terraform.io/hashicorp/aws","change":{"actions":["create"],"before":null,"after":{"tags":{"Name":"my-internet-gateway"},"tags_all":{"Name":"my-internet-gateway"},"timeouts":null},"after_unknown":{"arn":true,"id":true,"owner_id":true,"tags":{},"tags_all":{},"vpc_id":true},"before_sensitive":false,"after_sensitive":{"tags":{},"tags_all":{}}}},{"address":"aws_lb.poc-revamp-elb","mode":"managed","type":"aws_lb","name":"poc-revamp-elb","provider_name":"registry.terraform.io/hashicorp/aws","change":{"actions":["create"],"before":null,"after":{"access_logs":[],"client_keep_alive":3600,"connection_logs":[],"customer_owned_ipv4_pool":null,"desync_mitigation_mode":"defensive","dns_record_client_routing_policy":null,"drop_invalid_header_fields":false,"enable_cross_zone_load_balancing":null,"enable_deletion_protection":false,"enable_http2":true,"enable_tls_version_and_cipher_suite_headers":false,"enable_waf_fail_open":false,"enable_xff_client_port":false,"enable_zonal_shift":false,"idle_timeout":60,"internal":false,"ipam_pools":[],"load_balancer_type":"application","minimum_load_balancer_capacity":[],"name":"poc-accessment-elb","preserve_host_header":false,"tags":null,"timeouts":null,"xff_header_processing_mode":"append"},"after_unknown":{"access_logs":[],"arn":true,"arn_suffix":true,"connection_logs":[],"dns_name":true,"enforce_security_group_inbound_rules_on_private_link_traffic":true,"id":true,"ip_address_type":true,"ipam_pools":[],"minimum_load_balancer_capacity":[],"name_prefix":true,"security_groups":true,"subnet_mapping":true,"subnets":true,"tags_all":true,"vpc_id":true,"zone_id":true},"before_sensitive":false,"after_sensitive":{"access_logs":[],"connection_logs":[],"ipam_pools":[],"minimum_load_balancer_capacity":[],"security_groups":[],"subnet_mapping":[],"subnets":[],"tags_all":{}}}},{"address":"aws_lb_listener.revamp_frontend_landing","mode":"managed","type":"aws_lb_listener","name":"revamp_frontend_landing","provider_name":"registry.terraform.io/hashicorp/aws","change":{"actions":["create"],"before":null,"after":{"alpn_policy":null,"certificate_arn":null,"default_action":[{"authenticate_cognito":[],"authenticate_oidc":[],"fixed_response":[],"forward":[],"redirect":[],"type":"forward"}],"port":80,"protocol":"HTTP","tags":null,"timeouts":null},"after_unknown":{"arn":true,"default_action":[{"authenticate_cognito":[],"authenticate_oidc":[],"fixed_response":[],"forward":[],"order":true,"redirect":[],"target_group_arn":true}],"id":true,"load_balancer_arn":true,"mutual_authentication":true,"routing_http_request_x_amzn_mtls_clientcert_header_name":true,"routing_http_request_x_amzn_mtls_clientcert_issuer_header_name":true,"routing_http_request_x_amzn_mtls_clientcert_leaf_header_name":true,"routing_http_request_x_amzn_mtls_clientcert_serial_number_header_name":true,"routing_http_request_x_amzn_mtls_clientcert_subject_header_name":true,"routing_http_request_x_amzn_mtls_clientcert_validity_header_name":true,"routing_http_request_x_amzn_tls_cipher_suite_header_name":true,"routing_http_request_x_amzn_tls_version_header_name":true,"routing_http_response_access_control_allow_credentials_header_value":true,"routing_http_response_access_control_allow_headers_header_value":true,"routing_http_response_access_control_allow_methods_header_value":true,"routing_http_response_access_control_allow_origin_header_value":true,"routing_http_response_access_control_expose_headers_header_value":true,"routing_http_response_access_control_max_age_header_value":true,"routing_http_response_content_security_policy_header_value":true,"routing_http_response_server_enabled":true,"routing_http_response_strict_transport_security_header_value":true,"routing_http_response_x_content_type_options_header_value":true,"routing_http_response_x_frame_options_header_value":true,"ssl_policy":true,"tags_all":true,"tcp_idle_timeout_seconds":true},"before_sensitive":false,"after_sensitive":{"default_action":[{"authenticate_cognito":[],"authenticate_oidc":[],"fixed_response":[],"forward":[],"redirect":[]}],"mutual_authentication":[],"tags_all":{}}}},{"address":"aws_lb_target_group.poc_revamp_ecs_containers","mode":"managed","type":"aws_lb_target_group","name":"poc_revamp_ecs_containers","provider_name":"registry.terraform.io/hashicorp/aws","change":{"actions":["create"],"before":null,"after":{"deregistration_delay":"300","health_check":[{"enabled":true,"healthy_threshold":3,"interval":30,"matcher":"200","path":"/","port":"traffic-port","protocol":"HTTP","timeout":3,"unhealthy_threshold":2}],"lambda_multi_value_headers_enabled":false,"name":"poc-load-balancer-Group","port":5678,"protocol":"HTTP","proxy_protocol_v2":false,"slow_start":0,"tags":null,"target_type":"ip"},"after_unknown":{"arn":true,"arn_suffix":true,"connection_termination":true,"health_check":[{}],"id":true,"ip_address_type":true,"load_balancer_arns":true,"load_balancing_algorithm_type":true,"load_balancing_anomaly_mitigation":true,"load_balancing_cross_zone_enabled":true,"name_prefix":true,"preserve_client_ip":true,"protocol_version":true,"stickiness":true,"tags_all":true,"target_failover":true,"target_group_health":true,"target_health_state":true,"vpc_id":true},"before_sensitive":false,"after_sensitive":{"health_check":[{}],"load_balancer_arns":[],"stickiness":[],"tags_all":{},"target_failover":[],"target_group_health":[],"target_health_state":[]}}},{"address":"aws_nat_gateway.nat_gateway_1","mode":"managed","type":"aws_nat_gateway","name":"nat_gateway_1","provider_name":"registry.terraform.io/hashicorp/aws","change":{"actions":["create"],"before":null,"after":{"connectivity_type":"public","secondary_allocation_ids":null,"tags":null,"timeouts":null},"after_unknown":{"allocation_id":true,"association_id":true,"id":true,"network_interface_id":true,"private_ip":true,"public_ip":true,"secondary_private_ip_address_count":true,"secondary_private_ip_addresses":true,"subnet_id":true,"tags_all":true},"before_sensitive":false,"after_sensitive":{"secondary_private_ip_addresses":[],"tags_all":{}}}},{"address":"aws_nat_gateway.nat_gateway_2","mode":"managed","type":"aws_nat_gateway","name":"nat_gateway_2","provider_name":"registry.terraform.io/hashicorp/aws","change":{"actions":["create"],"before":null,"after":{"connectivity_type":"public","secondary_allocation_ids":null,"tags":null,"timeouts":null},"after_unknown":{"allocation_id":true,"association_id":true,"id":true,"network_interface_id":true,"private_ip":true,"public_ip":true,"secondary_private_ip_address_count":true,"secondary_private_ip_addresses":true,"subnet_id":true,"tags_all":true},"before_sensitive":false,"after_sensitive":{"secondary_private_ip_addresses":[],"tags_all":{}}}},{"address":"aws_route_table.private_route_table_1","mode":"managed","type":"aws_route_table","name":"private_route_table_1","provider_name":"registry.terraform.io/hashicorp/aws","change":{"actions":["create"],"before":null,"after":{"route":[{"carrier_gateway_id":"","cidr_block":"0.0.0.0/0","core_network_arn":"","destination_prefix_list_id":"","egress_only_gateway_id":"","gateway_id":"","ipv6_cidr_block":"","local_gateway_id":"","network_interface_id":"","transit_gateway_id":"","vpc_endpoint_id":"","vpc_peering_connection_id":""}],"tags":{"Name":"Public-Route-Table"},"tags_all":{"Name":"Public-Route-Table"},"timeouts":null},"after_unknown":{"arn":true,"id":true,"owner_id":true,"propagating_vgws":true,"route":[{"nat_gateway_id":true}],"tags":{},"tags_all":{},"vpc_id":true},"before_sensitive":false,"after_sensitive":{"propagating_vgws":[],"route":[{}],"tags":{},"tags_all":{}}}},{"address":"aws_route_table.private_route_table_2","mode":"managed","type":"aws_route_table","name":"private_route_table_2","provider_name":"registry.terraform.io/hashicorp/aws","change":{"actions":["create"],"before":null,"after":{"route":[{"carrier_gateway_id":"","cidr_block":"0.0.0.0/0","core_network_arn":"","destination_prefix_list_id":"","egress_only_gateway_id":"","gateway_id":"","ipv6_cidr_block":"","local_gateway_id":"","network_interface_id":"","transit_gateway_id":"","vpc_endpoint_id":"","vpc_peering_connection_id":""}],"tags":{"Name":"Public-Route-Table"},"tags_all":{"Name":"Public-Route-Table"},"timeouts":null},"after_unknown":{"arn":true,"id":true,"owner_id":true,"propagating_vgws":true,"route":[{"nat_gateway_id":true}],"tags":{},"tags_all":{},"vpc_id":true},"before_sensitive":false,"after_sensitive":{"propagating_vgws":[],"route":[{}],"tags":{},"tags_all":{}}}},{"address":"aws_route_table.public_route_table","mode":"managed","type":"aws_route_table","name":"public_route_table","provider_name":"registry.terraform.io/hashicorp/aws","change":{"actions":["create"],"before":null,"after":{"route":[{"carrier_gateway_id":"","cidr_block":"0.0.0.0/0","core_network_arn":"","destination_prefix_list_id":"","egress_only_gateway_id":"","ipv6_cidr_block":"","local_gateway_id":"","nat_gateway_id":"","network_interface_id":"","transit_gateway_id":"","vpc_endpoint_id":"","vpc_peering_connection_id":""}],"tags":{"Name":"Public-Route-Table"},"tags_all":{"Name":"Public-Route-Table"},"timeouts":null},"after_unknown":{"arn":true,"id":true,"owner_id":true,"propagating_vgws":true,"route":[{"gateway_id":true}],"tags":{},"tags_all":{},"vpc_id":true},"before_sensitive":false,"after_sensitive":{"propagating_vgws":[],"route":[{}],"tags":{},"tags_all":{}}}},{"address":"aws_route_table_association.private_subnet_1_association","mode":"managed","type":"aws_route_table_association","name":"private_subnet_1_association","provider_name":"registry.terraform.io/hashicorp/aws","change":{"actions":["create"],"before":null,"after":{"gateway_id":null,"timeouts":null},"after_unknown":{"id":true,"route_table_id":true,"subnet_id":true},"before_sensitive":false,"after_sensitive":{}}},{"address":"aws_route_table_association.private_subnet_2_association","mode":"managed","type":"aws_route_table_association","name":"private_subnet_2_association","provider_name":"registry.terraform.io/hashicorp/aws","change":{"actions":["create"],"before":null,"after":{"gateway_id":null,"timeouts":null},"after_unknown":{"id":true,"route_table_id":true,"subnet_id":true},"before_sensitive":false,"after_sensitive":{}}},{"address":"aws_route_table_association.public_subnet_1_association","mode":"managed","type":"aws_route_table_association","name":"public_subnet_1_association","provider_name":"registry.terraform.io/hashicorp/aws","change":{"actions":["create"],"before":null,"after":{"gateway_id":null,"timeouts":null},"after_unknown":{"id":true,"route_table_id":true,"subnet_id":true},"before_sensitive":false,"after_sensitive":{}}},{"address":"aws_route_table_association.public_subnet_2_association","mode":"managed","type":"aws_route_table_association","name":"public_subnet_2_association","provider_name":"registry.terraform.io/hashicorp/aws","change":{"actions":["create"],"before":null,"after":{"gateway_id":null,"timeouts":null},"after_unknown":{"id":true,"route_table_id":true,"subnet_id":true},"before_sensitive":false,"after_sensitive":{}}},{"address":"aws_security_group.ecs_security_group","mode":"managed","type":"aws_security_group","name":"ecs_security_group","provider_name":"registry.terraform.io/hashicorp/aws","change":{"actions":["create"],"before":null,"after":{"description":"Security group allowing ports 80","name":"POC-SG","revoke_rules_on_delete":false,"tags":null,"timeouts":null},"after_unknown":{"arn":true,"egress":true,"id":true,"ingress":true,"name_prefix":true,"owner_id":true,"tags_all":true,"vpc_id":true},"before_sensitive":false,"after_sensitive":{"egress":[],"ingress":[],"tags_all":{}}}},{"address":"aws_security_group.elb_security_group","mode":"managed","type":"aws_security_group","name":"elb_security_group","provider_name":"registry.terraform.io/hashicorp/aws","change":{"actions":["create"],"before":null,"after":{"description":"Allow http inbound traffic from anywhere","name":"application-load-balancer","revoke_rules_on_delete":false,"tags":null,"timeouts":null},"after_unknown":{"arn":true,"egress":true,"id":true,"ingress":true,"name_prefix":true,"owner_id":true,"tags_all":true,"vpc_id":true},"before_sensitive":false,"after_sensitive":{"egress":[],"ingress":[],"tags_all":{}}}},{"address":"aws_security_group_rule.allow_http_egress_traffic","mode":"managed","type":"aws_security_group_rule","name":"allow_http_egress_traffic","provider_name":"registry.terraform.io/hashicorp/aws","change":{"actions":["create"],"before":null,"after":{"cidr_blocks":["0.0.0.0/0"],"description":null,"from_port":0,"ipv6_cidr_blocks":null,"prefix_list_ids":null,"protocol":"-1","self":false,"timeouts":null,"to_port":0,"type":"egress"},"after_unknown":{"cidr_blocks":[false],"id":true,"security_group_id":true,"security_group_rule_id":true,"source_security_group_id":true},"before_sensitive":false,"after_sensitive":{"cidr_blocks":[false]}}},{"address":"aws_security_group_rule.allow_http_ingress_traffic","mode":"managed","type":"aws_security_group_rule","name":"allow_http_ingress_traffic","provider_name":"registry.terraform.io/hashicorp/aws","change":{"actions":["create"],"before":null,"after":{"cidr_blocks":null,"description":null,"from_port":5678,"ipv6_cidr_blocks":null,"prefix_list_ids":null,"protocol":"tcp","self":false,"timeouts":null,"to_port":5678,"type":"ingress"},"after_unknown":{"id":true,"security_group_id":true,"security_group_rule_id":true,"source_security_group_id":true},"before_sensitive":false,"after_sensitive":{}}},{"address":"aws_security_group_rule.elb_allow_http_egress_traffic","mode":"managed","type":"aws_security_group_rule","name":"elb_allow_http_egress_traffic","provider_name":"registry.terraform.io/hashicorp/aws","change":{"actions":["create"],"before":null,"after":{"cidr_blocks":["0.0.0.0/0"],"description":null,"from_port":0,"ipv6_cidr_blocks":null,"prefix_list_ids":null,"protocol":"-1","self":false,"timeouts":null,"to_port":0,"type":"egress"},"after_unknown":{"cidr_blocks":[false],"id":true,"security_group_id":true,"security_group_rule_id":true,"source_security_group_id":true},"before_sensitive":false,"after_sensitive":{"cidr_blocks":[false]}}},{"address":"aws_security_group_rule.elb_allow_http_ingress_traffic","mode":"managed","type":"aws_security_group_rule","name":"elb_allow_http_ingress_traffic","provider_name":"registry.terraform.io/hashicorp/aws","change":{"actions":["create"],"before":null,"after":{"cidr_blocks":["0.0.0.0/0"],"description":null,"from_port":80,"ipv6_cidr_blocks":null,"prefix_list_ids":null,"protocol":"tcp","self":false,"timeouts":null,"to_port":80,"type":"ingress"},"after_unknown":{"cidr_blocks":[false],"id":true,"security_group_id":true,"security_group_rule_id":true,"source_security_group_id":true},"before_sensitive":false,"after_sensitive":{"cidr_blocks":[false]}}},{"address":"aws_sns_topic.notification_topic","mode":"managed","type":"aws_sns_topic","name":"notification_topic","provider_name":"registry.terraform.io/hashicorp/aws","change":{"actions":["create"],"before":null,"after":{"application_failure_feedback_role_arn":null,"application_success_feedback_role_arn":null,"application_success_feedback_sample_rate":null,"archive_policy":null,"content_based_deduplication":false,"delivery_policy":null,"display_name":null,"fifo_topic":false,"firehose_failure_feedback_role_arn":null,"firehose_success_feedback_role_arn":null,"firehose_success_feedback_sample_rate":null,"http_failure_feedback_role_arn":null,"http_success_feedback_role_arn":null,"http_success_feedback_sample_rate":null,"kms_master_key_id":null,"lambda_failure_feedback_role_arn":null,"lambda_success_feedback_role_arn":null,"lambda_success_feedback_sample_rate":null,"name":"ecs-cpu-usage-alert","sqs_failure_feedback_role_arn":null,"sqs_success_feedback_role_arn":null,"sqs_success_feedback_sample_rate":null,"tags":null},"after_unknown":{"arn":true,"beginning_archive_time":true,"fifo_throughput_scope":true,"id":true,"name_prefix":true,"owner":true,"policy":true,"signature_version":true,"tags_all":true,"tracing_config":true},"before_sensitive":false,"after_sensitive":{"tags_all":{}}}},{"address":"aws_sns_topic_subscription.email_subscription","mode":"managed","type":"aws_sns_topic_subscription","name":"email_subscription","provider_name":"registry.terraform.io/hashicorp/aws","change":{"actions":["create"],"before":null,"after":{"confirmation_timeout_in_minutes":1,"delivery_policy":null,"endpoint":"Josephifekwe97@gmail.com","endpoint_auto_confirms":false,"filter_policy":null,"protocol":"email","raw_message_delivery":false,"redrive_policy":null,"replay_policy":null,"subscription_role_arn":null},"after_unknown":{"arn":true,"confirmation_was_authenticated":true,"filter_policy_scope":true,"id":true,"owner_id":true,"pending_confirmation":true,"topic_arn":true},"before_sensitive":false,"after_sensitive":{}}},{"address":"aws_subnet.private_subnet_1","mode":"managed","type":"aws_subnet","name":"private_subnet_1","provider_name":"registry.terraform.io/hashicorp/aws","change":{"actions":["create"],"before":null,"after":{"assign_ipv6_address_on_creation":false,"availability_zone":"us-east-1a","cidr_block":"10.0.3.0/24","customer_owned_ipv4_pool":null,"enable_dns64":false,"enable_lni_at_device_index":null,"enable_resource_name_dns_a_record_on_launch":false,"enable_resource_name_dns_aaaa_record_on_launch":false,"ipv6_cidr_block":null,"ipv6_native":false,"map_customer_owned_ip_on_launch":null,"map_public_ip_on_launch":false,"outpost_arn":null,"tags":{"Name":"Private-Subnet-1"},"tags_all":{"Name":"Private-Subnet-1"},"timeouts":null},"after_unknown":{"arn":true,"availability_zone_id":true,"id":true,"ipv6_cidr_block_association_id":true,"owner_id":true,"private_dns_hostname_type_on_launch":true,"tags":{},"tags_all":{},"vpc_id":true},"before_sensitive":false,"after_sensitive":{"tags":{},"tags_all":{}}}},{"address":"aws_subnet.private_subnet_2","mode":"managed","type":"aws_subnet","name":"private_subnet_2","provider_name":"registry.terraform.io/hashicorp/aws","change":{"actions":["create"],"before":null,"after":{"assign_ipv6_address_on_creation":false,"availability_zone":"us-east-1b","cidr_block":"10.0.4.0/24","customer_owned_ipv4_pool":null,"enable_dns64":false,"enable_lni_at_device_index":null,"enable_resource_name_dns_a_record_on_launch":false,"enable_resource_name_dns_aaaa_record_on_launch":false,"ipv6_cidr_block":null,"ipv6_native":false,"map_customer_owned_ip_on_launch":null,"map_public_ip_on_launch":false,"outpost_arn":null,"tags":{"Name":"Private-Subnet-2"},"tags_all":{"Name":"Private-Subnet-2"},"timeouts":null},"after_unknown":{"arn":true,"availability_zone_id":true,"id":true,"ipv6_cidr_block_association_id":true,"owner_id":true,"private_dns_hostname_type_on_launch":true,"tags":{},"tags_all":{},"vpc_id":true},"before_sensitive":false,"after_sensitive":{"tags":{},"tags_all":{}}}},{"address":"aws_subnet.public_subnet_1","mode":"managed","type":"aws_subnet","name":"public_subnet_1","provider_name":"registry.terraform.io/hashicorp/aws","change":{"actions":["create"],"before":null,"after":{"assign_ipv6_address_on_creation":false,"availability_zone":"us-east-1a","cidr_block":"10.0.1.0/24","customer_owned_ipv4_pool":null,"enable_dns64":false,"enable_lni_at_device_index":null,"enable_resource_name_dns_a_record_on_launch":false,"enable_resource_name_dns_aaaa_record_on_launch":false,"ipv6_cidr_block":null,"ipv6_native":false,"map_customer_owned_ip_on_launch":null,"map_public_ip_on_launch":false,"outpost_arn":null,"tags":{"Name":"Public-Subnet-1"},"tags_all":{"Name":"Public-Subnet-1"},"timeouts":null},"after_unknown":{"arn":true,"availability_zone_id":true,"id":true,"ipv6_cidr_block_association_id":true,"owner_id":true,"private_dns_hostname_type_on_launch":true,"tags":{},"tags_all":{},"vpc_id":true},"before_sensitive":false,"after_sensitive":{"tags":{},"tags_all":{}}}},{"address":"aws_subnet.public_subnet_2","mode":"managed","type":"aws_subnet","name":"public_subnet_2","provider_name":"registry.terraform.io/hashicorp/aws","change":{"actions":["create"],"before":null,"after":{"assign_ipv6_address_on_creation":false,"availability_zone":"us-east-1b","cidr_block":"10.0.2.0/24","customer_owned_ipv4_pool":null,"enable_dns64":false,"enable_lni_at_device_index":null,"enable_resource_name_dns_a_record_on_launch":false,"enable_resource_name_dns_aaaa_record_on_launch":false,"ipv6_cidr_block":null,"ipv6_native":false,"map_customer_owned_ip_on_launch":null,"map_public_ip_on_launch":false,"outpost_arn":null,"tags":{"Name":"Public-Subnet-2"},"tags_all":{"Name":"Public-Subnet-2"},"timeouts":null},"after_unknown":{"arn":true,"availability_zone_id":true,"id":true,"ipv6_cidr_block_association_id":true,"owner_id":true,"private_dns_hostname_type_on_launch":true,"tags":{},"tags_all":{},"vpc_id":true},"before_sensitive":false,"after_sensitive":{"tags":{},"tags_all":{}}}},{"address":"aws_vpc.my-vpc-02","mode":"managed","type":"aws_vpc","name":"my-vpc-02","provider_name":"registry.terraform.io/hashicorp/aws","change":{"actions":["create"],"before":null,"after":{"assign_generated_ipv6_cidr_block":null,"cidr_block":"10.0.0.0/16","enable_dns_support":true,"instance_tenancy":"default","ipv4_ipam_pool_id":null,"ipv4_netmask_length":null,"ipv6_ipam_pool_id":null,"ipv6_netmask_length":null,"tags":{"Name":"my-vpc-02"},"tags_all":{"Name":"my-vpc-02"}},"after_unknown":{"arn":true,"default_network_acl_id":true,"default_route_table_id":true,"default_security_group_id":true,"dhcp_options_id":true,"enable_dns_hostnames":true,"enable_network_address_usage_metrics":true,"id":true,"ipv6_association_id":true,"ipv6_cidr_block":true,"ipv6_cidr_block_network_border_group":true,"main_route_table_id":true,"owner_id":true,"tags":{},"tags_all":{}},"before_sensitive":false,"after_sensitive":{"tags":{},"tags_all":{}}}}],"configuration":{"provider_config":{"aws":{"name":"aws","full_name":"registry.terraform.io/hashicorp/aws","version_constraint":"~\u003e 5.0","expressions":{"region":{"references":["var.aws_region"]}}}},"root_module":{"resources":[{"address":"aws_cloudwatch_log_group.ecs_cluster","mode":"managed","type":"aws_cloudwatch_log_group","name":"ecs_cluster","provider_config_key":"aws","expressions":{"name":{"constant_value":"ecs_cluster"}},"schema_version":0},{"address":"aws_cloudwatch_log_group.frontend_landing_page-apps","mode":"managed","type":"aws_cloudwatch_log_group","name":"frontend_landing_page-apps","provider_config_key":"aws","expressions":{"name":{"constant_value":"frontend-landing-page-log-group"}},"schema_version":0},{"address":"aws_cloudwatch_metric_alarm.ecs_cpu_alarm","mode":"managed","type":"aws_cloudwatch_metric_alarm","name":"ecs_cpu_alarm","provider_config_key":"aws","expressions":{"alarm_actions":{"references":["aws_sns_topic.notification_topic.arn","aws_sns_topic.notification_topic"]},"alarm_description":{"constant_value":"Alarm when CPU utilization exceeds 70%"},"alarm_name":{"constant_value":"ecs-cpu-alarm"},"comparison_operator":{"constant_value":"GreaterThanThreshold"},"dimensions":{"references":["aws_ecs_cluster.poc_assessment.id","aws_ecs_cluster.poc_assessment"]},"evaluation_periods":{"constant_value":1},"metric_name":{"constant_value":"CPUUtilization"},"namespace":{"constant_value":"AWS/ECS"},"period":{"constant_value":300},"statistic":{"constant_value":"Average"},"threshold":{"constant_value":70}},"schema_version":1},{"address":"aws_ecs_cluster.poc_assessment","mode":"managed","type":"aws_ecs_cluster","name":"poc_assessment","provider_config_key":"aws","expressions":{"configuration":[{"execute_command_configuration":[{"log_configuration":[{"cloud_watch_log_group_name":{"references":["aws_cloudwatch_log_group.frontend_landing_page-apps.name","aws_cloudwatch_log_group.frontend_landing_page-apps"]}}],"logging":{"constant_value":"OVERRIDE"}}]}],"name":{"constant_value":"white-hart"}},"schema_version":0},{"address":"aws_ecs_service.poc_assessment_service","mode":"managed","type":"aws_ecs_service","name":"poc_assessment_service","provider_config_key":"aws","expressions":{"cluster":{"references":["aws_ecs_cluster.poc_assessment.name","aws_ecs_cluster.poc_assessment"]},"desired_count":{"constant_value":2},"launch_type":{"constant_value":"FARGATE"},"load_balancer":[{"container_name":{"constant_value":"hashicorp-http-echo-container"},"container_port":{"references":["var.container_port"]},"target_group_arn":{"references":["aws_lb_target_group.poc_revamp_ecs_containers.arn","aws_lb_target_group.poc_revamp_ecs_containers"]}}],"name":{"constant_value":"Poc-Assessment"},"network_configuration":[{"security_groups":{"references":["aws_security_group.ecs_security_group.id","aws_security_group.ecs_security_group"]},"subnets":{"references":["aws_subnet.private_subnet_1.id","aws_subnet.private_subnet_1","aws_subnet.private_subnet_2.id","aws_subnet.private_subnet_2"]}}],"task_definition":{"references":["aws_ecs_task_definition.poc_assessment.arn","aws_ecs_task_definition.poc_assessment"]}},"schema_version":1},{"address":"aws_ecs_task_definition.poc_assessment","mode":"managed","type":"aws_ecs_task_definition","name":"poc_assessment","provider_config_key":"aws","expressions":{"container_definitions":{"references":["aws_cloudwatch_log_group.frontend_landing_page-apps.name","aws_cloudwatch_log_group.frontend_landing_page-apps","var.aws_region","var.container_port"]},"cpu":{"constant_value":256},"execution_role_arn":{"references":["var.task_execution_role"]},"family":{"constant_value":"poc-Assessment"},"memory":{"constant_value":512},"network_mode":{"constant_value":"awsvpc"},"requires_compatibilities":{"constant_value":["FARGATE"]},"runtime_platform":[{"cpu_architecture":{"constant_value":"X86_64"},"operating_system_family":{"constant_value":"LINUX"}}]},"schema_version":1},{"address":"aws_eip.nat_eip_1","mode":"managed","type":"aws_eip","name":"nat_eip_1","provider_config_key":"aws","expressions":{"domain":{"constant_value":"vpc"}},"schema_version":0,"depends_on":["aws_internet_gateway.my-internet-gateway"]},{"address":"aws_eip.nat_eip_2","mode":"managed","type":"aws_eip","name":"nat_eip_2","provider_config_key":"aws","expressions":{"domain":{"constant_value":"vpc"}},"schema_version":0,"depends_on":["aws_internet_gateway.my-internet-gateway"]},{"address":"aws_internet_gateway.my-internet-gateway","mode":"managed","type":"aws_internet_gateway","name":"my-internet-gateway","provider_config_key":"aws","expressions":{"tags":{"constant_value":{"Name":"my-internet-gateway"}},"vpc_id":{"references":["aws_vpc.my-vpc-02.id","aws_vpc.my-vpc-02"]}},"schema_version":0},{"address":"aws_lb.poc-revamp-elb","mode":"managed","type":"aws_lb","name":"poc-revamp-elb","provider_config_key":"aws","expressions":{"internal":{"constant_value":false},"load_balancer_type":{"constant_value":"application"},"name":{"references":["var.revamp_elb_name"]},"security_groups":{"references":["aws_security_group.elb_security_group.id","aws_security_group.elb_security_group"]},"subnets":{"references":["aws_subnet.public_subnet_1.id","aws_subnet.public_subnet_1","aws_subnet.public_subnet_2.id","aws_subnet.public_subnet_2"]},"tags":{"constant_value":{}}},"schema_version":0},{"address":"aws_lb_listener.revamp_frontend_landing","mode":"managed","type":"aws_lb_listener","name":"revamp_frontend_landing","provider_config_key":"aws","expressions":{"default_action":[{"target_group_arn":{"references":["aws_lb_target_group.poc_revamp_ecs_containers.arn","aws_lb_target_group.poc_revamp_ecs_containers"]},"type":{"constant_value":"forward"}}],"load_balancer_arn":{"references":["aws_lb.poc-revamp-elb.arn","aws_lb.poc-revamp-elb"]},"port":{"constant_value":80},"protocol":{"constant_value":"HTTP"}},"schema_version":0},{"address":"aws_lb_target_group.poc_revamp_ecs_containers","mode":"managed","type":"aws_lb_target_group","name":"poc_revamp_ecs_containers","provider_config_key":"aws","expressions":{"health_check":[{"healthy_threshold":{"constant_value":"3"},"interval":{"constant_value":"30"},"matcher":{"constant_value":"200"},"path":{"constant_value":"/"},"protocol":{"constant_value":"HTTP"},"timeout":{"constant_value":"3"},"unhealthy_threshold":{"constant_value":"2"}}],"name":{"constant_value":"poc-load-balancer-Group"},"port":{"references":["var.container_port"]},"protocol":{"constant_value":"HTTP"},"target_type":{"constant_value":"ip"},"vpc_id":{"references":["aws_vpc.my-vpc-02.id","aws_vpc.my-vpc-02"]}},"schema_version":0},{"address":"aws_nat_gateway.nat_gateway_1","mode":"managed","type":"aws_nat_gateway","name":"nat_gateway_1","provider_config_key":"aws","expressions":{"allocation_id":{"references":["aws_eip.nat_eip_1.id","aws_eip.nat_eip_1"]},"subnet_id":{"references":["aws_subnet.public_subnet_1.id","aws_subnet.public_subnet_1"]}},"schema_version":0},{"address":"aws_nat_gateway.nat_gateway_2","mode":"managed","type":"aws_nat_gateway","name":"nat_gateway_2","provider_config_key":"aws","expressions":{"allocation_id":{"references":["aws_eip.nat_eip_2.id","aws_eip.nat_eip_2"]},"subnet_id":{"references":["aws_subnet.public_subnet_2.id","aws_subnet.public_subnet_2"]}},"schema_version":0},{"address":"aws_route_table.private_route_table_1","mode":"managed","type":"aws_route_table","name":"private_route_table_1","provider_config_key":"aws","expressions":{"route":{"references":["aws_nat_gateway.nat_gateway_1.id","aws_nat_gateway.nat_gateway_1"]},"tags":{"constant_value":{"Name":"Public-Route-Table"}},"vpc_id":{"references":["aws_vpc.my-vpc-02.id","aws_vpc.my-vpc-02"]}},"schema_version":0},{"address":"aws_route_table.private_route_table_2","mode":"managed","type":"aws_route_table","name":"private_route_table_2","provider_config_key":"aws","expressions":{"route":{"references":["aws_nat_gateway.nat_gateway_2.id","aws_nat_gateway.nat_gateway_2"]},"tags":{"constant_value":{"Name":"Public-Route-Table"}},"vpc_id":{"references":["aws_vpc.my-vpc-02.id","aws_vpc.my-vpc-02"]}},"schema_version":0},{"address":"aws_route_table.public_route_table","mode":"managed","type":"aws_route_table","name":"public_route_table","provider_config_key":"aws","expressions":{"route":{"references":["aws_internet_gateway.my-internet-gateway.id","aws_internet_gateway.my-internet-gateway"]},"tags":{"constant_value":{"Name":"Public-Route-Table"}},"vpc_id":{"references":["aws_vpc.my-vpc-02.id","aws_vpc.my-vpc-02"]}},"schema_version":0},{"address":"aws_route_table_association.private_subnet_1_association","mode":"managed","type":"aws_route_table_association","name":"private_subnet_1_association","provider_config_key":"aws","expressions":{"route_table_id":{"references":["aws_route_table.private_route_table_1.id","aws_route_table.private_route_table_1"]},"subnet_id":{"references":["aws_subnet.private_subnet_1.id","aws_subnet.private_subnet_1"]}},"schema_version":0},{"address":"aws_route_table_association.private_subnet_2_association","mode":"managed","type":"aws_route_table_association","name":"private_subnet_2_association","provider_config_key":"aws","expressions":{"route_table_id":{"references":["aws_route_table.private_route_table_2.id","aws_route_table.private_route_table_2"]},"subnet_id":{"references":["aws_subnet.private_subnet_2.id","aws_subnet.private_subnet_2"]}},"schema_version":0},{"address":"aws_route_table_association.public_subnet_1_association","mode":"managed","type":"aws_route_table_association","name":"public_subnet_1_association","provider_config_key":"aws","expressions":{"route_table_id":{"references":["aws_route_table.public_route_table.id","aws_route_table.public_route_table"]},"subnet_id":{"references":["aws_subnet.public_subnet_1.id","aws_subnet.public_subnet_1"]}},"schema_version":0},{"address":"aws_route_table_association.public_subnet_2_association","mode":"managed","type":"aws_route_table_association","name":"public_subnet_2_association","provider_config_key":"aws","expressions":{"route_table_id":{"references":["aws_route_table.public_route_table.id","aws_route_table.public_route_table"]},"subnet_id":{"references":["aws_subnet.public_subnet_2.id","aws_subnet.public_subnet_2"]}},"schema_version":0},{"address":"aws_security_group.ecs_security_group","mode":"managed","type":"aws_security_group","name":"ecs_security_group","provider_config_key":"aws","expressions":{"description":{"constant_value":"Security group allowing ports 80"},"name":{"constant_value":"POC-SG"},"vpc_id":{"references":["aws_vpc.my-vpc-02.id","aws_vpc.my-vpc-02"]}},"schema_version":1},{"address":"aws_security_group.elb_security_group","mode":"managed","type":"aws_security_group","name":"elb_security_group","provider_config_key":"aws","expressions":{"description":{"constant_value":"Allow http inbound traffic from anywhere"},"name":{"constant_value":"application-load-balancer"},"vpc_id":{"references":["aws_vpc.my-vpc-02.id","aws_vpc.my-vpc-02"]}},"schema_version":1},{"address":"aws_security_group_rule.allow_http_egress_traffic","mode":"managed","type":"aws_security_group_rule","name":"allow_http_egress_traffic","provider_config_key":"aws","expressions":{"cidr_blocks":{"constant_value":["0.0.0.0/0"]},"from_port":{"constant_value":0},"protocol":{"constant_value":"-1"},"security_group_id":{"references":["aws_security_group.ecs_security_group.id","aws_security_group.ecs_security_group"]},"to_port":{"constant_value":0},"type":{"constant_value":"egress"}},"schema_version":2},{"address":"aws_security_group_rule.allow_http_ingress_traffic","mode":"managed","type":"aws_security_group_rule","name":"allow_http_ingress_traffic","provider_config_key":"aws","expressions":{"from_port":{"references":["var.container_port"]},"protocol":{"constant_value":"tcp"},"security_group_id":{"references":["aws_security_group.ecs_security_group.id","aws_security_group.ecs_security_group"]},"source_security_group_id":{"references":["aws_security_group.elb_security_group.id","aws_security_group.elb_security_group"]},"to_port":{"references":["var.container_port"]},"type":{"constant_value":"ingress"}},"schema_version":2},{"address":"aws_security_group_rule.elb_allow_http_egress_traffic","mode":"managed","type":"aws_security_group_rule","name":"elb_allow_http_egress_traffic","provider_config_key":"aws","expressions":{"cidr_blocks":{"constant_value":["0.0.0.0/0"]},"from_port":{"constant_value":0},"protocol":{"constant_value":"-1"},"security_group_id":{"references":["aws_security_group.elb_security_group.id","aws_security_group.elb_security_group"]},"to_port":{"constant_value":0},"type":{"constant_value":"egress"}},"schema_version":2},{"address":"aws_security_group_rule.elb_allow_http_ingress_traffic","mode":"managed","type":"aws_security_group_rule","name":"elb_allow_http_ingress_traffic","provider_config_key":"aws","expressions":{"cidr_blocks":{"constant_value":["0.0.0.0/0"]},"from_port":{"constant_value":80},"protocol":{"constant_value":"tcp"},"security_group_id":{"references":["aws_security_group.elb_security_group.id","aws_security_group.elb_security_group"]},"to_port":{"constant_value":80},"type":{"constant_value":"ingress"}},"schema_version":2},{"address":"aws_sns_topic.notification_topic","mode":"managed","type":"aws_sns_topic","name":"notification_topic","provider_config_key":"aws","expressions":{"name":{"constant_value":"ecs-cpu-usage-alert"}},"schema_version":0},{"address":"aws_sns_topic_subscription.email_subscription","mode":"managed","type":"aws_sns_topic_subscription","name":"email_subscription","provider_config_key":"aws","expressions":{"endpoint":{"constant_value":"Josephifekwe97@gmail.com"},"protocol":{"constant_value":"email"},"topic_arn":{"references":["aws_sns_topic.notification_topic.arn","aws_sns_topic.notification_topic"]}},"schema_version":0},{"address":"aws_subnet.private_subnet_1","mode":"managed","type":"aws_subnet","name":"private_subnet_1","provider_config_key":"aws","expressions":{"availability_zone":{"references":["var.private_subnet_1_az"]},"cidr_block":{"references":["var.private_subnet_1_cidr"]},"tags":{"constant_value":{"Name":"Private-Subnet-1"}},"vpc_id":{"references":["aws_vpc.my-vpc-02.id","aws_vpc.my-vpc-02"]}},"schema_version":1},{"address":"aws_subnet.private_subnet_2","mode":"managed","type":"aws_subnet","name":"private_subnet_2","provider_config_key":"aws","expressions":{"availability_zone":{"references":["var.private_subnet_2_az"]},"cidr_block":{"references":["var.private_subnet_2_cidr"]},"tags":{"constant_value":{"Name":"Private-Subnet-2"}},"vpc_id":{"references":["aws_vpc.my-vpc-02.id","aws_vpc.my-vpc-02"]}},"schema_version":1},{"address":"aws_subnet.public_subnet_1","mode":"managed","type":"aws_subnet","name":"public_subnet_1","provider_config_key":"aws","expressions":{"availability_zone":{"references":["var.public_subnet_1_az"]},"cidr_block":{"references":["var.public_subnet_1_cidr"]},"tags":{"constant_value":{"Name":"Public-Subnet-1"}},"vpc_id":{"references":["aws_vpc.my-vpc-02.id","aws_vpc.my-vpc-02"]}},"schema_version":1},{"address":"aws_subnet.public_subnet_2","mode":"managed","type":"aws_subnet","name":"public_subnet_2","provider_config_key":"aws","expressions":{"availability_zone":{"references":["var.public_subnet_2_az"]},"cidr_block":{"references":["var.public_subnet_2_cidr"]},"tags":{"constant_value":{"Name":"Public-Subnet-2"}},"vpc_id":{"references":["aws_vpc.my-vpc-02.id","aws_vpc.my-vpc-02"]}},"schema_version":1},{"address":"aws_vpc.my-vpc-02","mode":"managed","type":"aws_vpc","name":"my-vpc-02","provider_config_key":"aws","expressions":{"cidr_block":{"references":["var.vpc_cidr"]},"tags":{"references":["var.vpc_name"]}},"schema_version":1}],"variables":{"aws_access_key":{"description":"AWS Access Key"},"aws_region":{"description":"AWS Region"},"aws_secret_key":{"description":"AWS Secret Key"},"container_port":{},"private_subnet_1_az":{"description":"Availability Zone for Private Subnet 1"},"private_subnet_1_cidr":{"description":"CIDR Block for Private Subnet 1"},"private_subnet_2_az":{"description":"Availability Zone for Private Subnet 2"},"private_subnet_2_cidr":{"description":"CIDR Block for Private Subnet 2"},"public_subnet_1_az":{"description":"Availability Zone for Public Subnet 1"},"public_subnet_1_cidr":{"description":"CIDR Block for Public Subnet 1"},"public_subnet_2_az":{"description":"Availability Zone for Public Subnet 2"},"public_subnet_2_cidr":{"description":"CIDR Block for Public Subnet 2"},"revamp_elb_name":{"description":"Name for ELB"},"task_execution_role":{},"vpc_cidr":{"description":"CIDR Block for VPC"},"vpc_name":{"description":"Name for VPC"}}}},"relevant_attributes":[{"resource":"aws_ecs_cluster.poc_assessment","attribute":["name"]},{"resource":"aws_ecs_task_definition.poc_assessment","attribute":["arn"]},{"resource":"aws_lb.poc-revamp-elb","attribute":["arn"]},{"resource":"aws_lb_target_group.poc_revamp_ecs_containers","attribute":["arn"]},{"resource":"aws_eip.nat_eip_1","attribute":["id"]},{"resource":"aws_security_group.ecs_security_group","attribute":["id"]},{"resource":"aws_route_table.private_route_table_1","attribute":["id"]},{"resource":"aws_route_table.private_route_table_2","attribute":["id"]},{"resource":"aws_eip.nat_eip_2","attribute":["id"]},{"resource":"aws_internet_gateway.my-internet-gateway","attribute":["id"]},{"resource":"aws_subnet.private_subnet_1","attribute":["id"]},{"resource":"aws_nat_gateway.nat_gateway_2","attribute":["id"]},{"resource":"aws_cloudwatch_log_group.frontend_landing_page-apps","attribute":["name"]},{"resource":"aws_sns_topic.notification_topic","attribute":["arn"]},{"resource":"aws_security_group.elb_security_group","attribute":["id"]},{"resource":"aws_route_table.public_route_table","attribute":["id"]},{"resource":"aws_subnet.public_subnet_1","attribute":["id"]},{"resource":"aws_ecs_cluster.poc_assessment","attribute":["id"]},{"resource":"aws_subnet.public_subnet_2","attribute":["id"]},{"resource":"aws_nat_gateway.nat_gateway_1","attribute":["id"]},{"resource":"aws_vpc.my-vpc-02","attribute":["id"]},{"resource":"aws_subnet.private_subnet_2","attribute":["id"]}],"timestamp":"2026-01-27T09:15:31Z","applyable":true,"complete":true,"errored":false}
