aws_cloudwatch_log_group.frontend_landing_page-apps: Refreshing state... [id=frontend-landing-page-log-group]
aws_cloudwatch_log_group.ecs_cluster: Refreshing state... [id=ecs_cluster]
aws_vpc.my-vpc-02: Refreshing state... [id=vpc-991ac3c6eba553977]
aws_sns_topic.notification_topic: Refreshing state... [id=arn:aws:sns:us-east-1:000000000000:ecs-cpu-usage-alert]
aws_ecs_cluster.poc_assessment: Refreshing state... [id=arn:aws:ecs:us-east-1:000000000000:cluster/white-hart]
aws_ecs_task_definition.poc_assessment: Refreshing state... [id=poc-Assessment]
aws_sns_topic_subscription.email_subscription: Refreshing state... [id=arn:aws:sns:us-east-1:000000000000:ecs-cpu-usage-alert:5137b69a-7d58-40af-8744-9ff5642395ee]
aws_cloudwatch_metric_alarm.ecs_cpu_alarm: Refreshing state... [id=ecs-cpu-alarm]
aws_security_group.ecs_security_group: Refreshing state... [id=sg-053196c3b5f099525]
aws_security_group.elb_security_group: Refreshing state... [id=sg-0f7c335b825316dc2]
aws_subnet.public_subnet_2: Refreshing state... [id=subnet-36618a09b4cab285d]
aws_internet_gateway.my-internet-gateway: Refreshing state... [id=igw-e9f9bf5a075617d99]
aws_subnet.private_subnet_2: Refreshing state... [id=subnet-3360f54ec529c7202]
aws_subnet.public_subnet_1: Refreshing state... [id=subnet-75204dcb8076d3a29]
aws_subnet.private_subnet_1: Refreshing state... [id=subnet-2e70fab0be7cc6769]
aws_lb_target_group.poc_revamp_ecs_containers: Refreshing state... [id=arn:aws:elasticloadbalancing:us-east-1:000000000000:targetgroup/poc-load-balancer-Group/423a5f93f443a876]
aws_eip.nat_eip_2: Refreshing state... [id=eipalloc-1247f330a7813fcb9]
aws_route_table.public_route_table: Refreshing state... [id=rtb-b8756a4b360ae46b4]
aws_eip.nat_eip_1: Refreshing state... [id=eipalloc-793c0c83231440ae0]
aws_security_group_rule.allow_http_egress_traffic: Refreshing state... [id=sgrule-3560872271]
aws_route_table_association.public_subnet_1_association: Refreshing state... [id=rtbassoc-7a45e8c7297b54a43]
aws_route_table_association.public_subnet_2_association: Refreshing state... [id=rtbassoc-4264faa5324f249d1]
aws_security_group_rule.allow_http_ingress_traffic: Refreshing state... [id=sgrule-2044147161]
aws_security_group_rule.elb_allow_http_ingress_traffic: Refreshing state... [id=sgrule-571695149]
aws_security_group_rule.elb_allow_http_egress_traffic: Refreshing state... [id=sgrule-1968538595]
aws_lb.poc-revamp-elb: Refreshing state... [id=arn:aws:elasticloadbalancing:us-east-1:000000000000:loadbalancer/app/poc-accessment-elb/3a772bccf8811a8b]
aws_nat_gateway.nat_gateway_1: Refreshing state... [id=nat-a75f104229f3a40b6]
aws_nat_gateway.nat_gateway_2: Refreshing state... [id=nat-15efac20a6933f542]
aws_route_table.private_route_table_1: Refreshing state... [id=rtb-b9877a4dd6e45a3c7]
aws_route_table.private_route_table_2: Refreshing state... [id=rtb-76e6f7a36ed4bf0fd]
aws_route_table_association.private_subnet_1_association: Refreshing state... [id=rtbassoc-f6f2e33d2697d9f9b]
aws_route_table_association.private_subnet_2_association: Refreshing state... [id=rtbassoc-63a220d846388e4fc]
aws_ecs_service.poc_assessment_service: Refreshing state... [id=arn:aws:ecs:us-east-1:000000000000:service/white-hart/Poc-Assessment]
aws_lb_listener.revamp_frontend_landing: Refreshing state... [id=arn:aws:elasticloadbalancing:us-east-1:000000000000:listener/app/poc-accessment-elb/3a772bccf8811a8b/71b4ffd4fb989b6b]

Terraform used the selected providers to generate the following execution
plan. Resource actions are indicated with the following symbols:
  ~ update in-place
-/+ destroy and then create replacement

Terraform will perform the following actions:

  # aws_ecs_service.poc_assessment_service will be updated in-place
  ~ resource "aws_ecs_service" "poc_assessment_service" {
      + availability_zone_rebalancing      = "DISABLED"
        id                                 = "arn:aws:ecs:us-east-1:000000000000:service/white-hart/Poc-Assessment"
        name                               = "Poc-Assessment"
        tags                               = {}
      ~ task_definition                    = "arn:aws:ecs:us-east-1:000000000000:task-definition/poc-Assessment:1" -> (known after apply)
        # (14 unchanged attributes hidden)

        # (4 unchanged blocks hidden)
    }

  # aws_ecs_task_definition.poc_assessment must be replaced
-/+ resource "aws_ecs_task_definition" "poc_assessment" {
      ~ arn                      = "arn:aws:ecs:us-east-1:000000000000:task-definition/poc-Assessment:1" -> (known after apply)
      ~ arn_without_revision     = "arn:aws:ecs:us-east-1:000000000000:task-definition/poc-Assessment" -> (known after apply)
      ~ container_definitions    = jsonencode(
          ~ [
              ~ {
                  - environment      = []
                  - mountPoints      = []
                    name             = "hashicorp-http-echo-container"
                  ~ portMappings     = [
                      ~ {
                          - hostPort      = 26001
                            # (1 unchanged attribute hidden)
                        },
                    ]
                  - volumesFrom      = []
                    # (3 unchanged attributes hidden)
                },
            ] # forces replacement
        )
      ~ enable_fault_injection   = false -> (known after apply)
      ~ id                       = "poc-Assessment" -> (known after apply)
      ~ revision                 = 1 -> (known after apply)
      - tags                     = {} -> null
      ~ tags_all                 = {} -> (known after apply)
        # (11 unchanged attributes hidden)

        # (1 unchanged block hidden)
    }

  # aws_lb_listener.revamp_frontend_landing will be updated in-place
  ~ resource "aws_lb_listener" "revamp_frontend_landing" {
        id                                                                  = "arn:aws:elasticloadbalancing:us-east-1:000000000000:listener/app/poc-accessment-elb/3a772bccf8811a8b/71b4ffd4fb989b6b"
      ~ port                                                                = 4566 -> 80
        tags                                                                = {}
        # (16 unchanged attributes hidden)

        # (1 unchanged block hidden)
    }

Plan: 1 to add, 2 to change, 1 to destroy.
