data.aws_vpc.default: Reading...
data.aws_vpc.default: Read complete after 1s [id=vpc-a8d5bc61926172f48]

Terraform used the selected providers to generate the following execution
plan. Resource actions are indicated with the following symbols:
  + create

Terraform will perform the following actions:

  # aws_ecs_cluster.wp-ecs-cluster will be created
  + resource "aws_ecs_cluster" "wp-ecs-cluster" {
      + arn      = (known after apply)
      + id       = (known after apply)
      + name     = "waypoint-server"
      + region   = "ca-central-1"
      + tags_all = (known after apply)

      + setting (known after apply)
    }

Plan: 1 to add, 0 to change, 0 to destroy.
