{"format_version":"1.2","terraform_version":"1.13.5","variables":{"aws_region":{"value":"us-east-1"},"instance_type":{"value":"t3.micro"},"key_name":{"value":"ai-tf"},"public_subnet_cidr":{"value":"10.0.1.0/24"},"trusted_ssh_cidr":{"value":"0.0.0.0/0"},"vpc_cidr":{"value":"10.0.0.0/16"}},"planned_values":{"outputs":{"ec2_public_dns":{"sensitive":false},"ec2_public_ip":{"sensitive":false}},"root_module":{"resources":[{"address":"aws_iam_instance_profile.ec2","mode":"managed","type":"aws_iam_instance_profile","name":"ec2","provider_name":"registry.terraform.io/hashicorp/aws","schema_version":0,"values":{"name":"portfolio-ec2-instance-profile","path":"/","role":"portfolio-ec2-role","tags":null},"sensitive_values":{"tags_all":{}}},{"address":"aws_iam_role.ec2","mode":"managed","type":"aws_iam_role","name":"ec2","provider_name":"registry.terraform.io/hashicorp/aws","schema_version":0,"values":{"assume_role_policy":"{\"Statement\":[{\"Action\":\"sts:AssumeRole\",\"Effect\":\"Allow\",\"Principal\":{\"Service\":\"ec2.amazonaws.com\"}}],\"Version\":\"2012-10-17\"}","description":null,"force_detach_policies":false,"max_session_duration":3600,"name":"portfolio-ec2-role","path":"/","permissions_boundary":null,"tags":null},"sensitive_values":{"inline_policy":[],"managed_policy_arns":[],"tags_all":{}},"identity_schema_version":0,"identity":{"account_id":null,"name":null}},{"address":"aws_iam_role_policy_attachment.cloudwatch","mode":"managed","type":"aws_iam_role_policy_attachment","name":"cloudwatch","provider_name":"registry.terraform.io/hashicorp/aws","schema_version":0,"values":{"policy_arn":"arn:aws:iam::aws:policy/CloudWatchAgentServerPolicy","role":"portfolio-ec2-role"},"sensitive_values":{},"identity_schema_version":0,"identity":{"account_id":null,"policy_arn":null,"role":null}},{"address":"aws_iam_role_policy_attachment.ssm","mode":"managed","type":"aws_iam_role_policy_attachment","name":"ssm","provider_name":"registry.terraform.io/hashicorp/aws","schema_version":0,"values":{"policy_arn":"arn:aws:iam::aws:policy/AmazonSSMManagedInstanceCore","role":"portfolio-ec2-role"},"sensitive_values":{},"identity_schema_version":0,"identity":{"account_id":null,"policy_arn":null,"role":null}},{"address":"aws_instance.web","mode":"managed","type":"aws_instance","name":"web","provider_name":"registry.terraform.io/hashicorp/aws","schema_version":2,"values":{"ami":"ami-04681a1dbd79675a5","associate_public_ip_address":true,"credit_specification":[],"force_destroy":false,"get_password_data":false,"hibernation":null,"iam_instance_profile":"portfolio-ec2-instance-profile","instance_type":"t3.micro","key_name":"ai-tf","launch_template":[],"region":"us-east-1","source_dest_check":true,"tags":{"Name":"portfolio-web-server"},"tags_all":{"Name":"portfolio-web-server"},"timeouts":null,"user_data":"#!/bin/bash\nyum update -y || apt-get update -y\n# Install Docker\namazon-linux-extras install docker -y || apt-get install -y docker.io\nsystemctl enable docker\nsystemctl start docker\n# Add ec2-user or ubuntu to docker group\nusermod -aG docker ec2-user || usermod -aG docker ubuntu\n# Run Nginx container\ndocker run -d --name nginx -p 80:80 nginx:latest\n","user_data_replace_on_change":false,"volume_tags":null},"sensitive_values":{"capacity_reservation_specification":[],"cpu_options":[],"credit_specification":[],"ebs_block_device":[],"enclave_options":[],"ephemeral_block_device":[],"instance_market_options":[],"ipv6_addresses":[],"launch_template":[],"maintenance_options":[],"metadata_options":[],"network_interface":[],"primary_network_interface":[],"private_dns_name_options":[],"root_block_device":[],"secondary_private_ips":[],"security_groups":[],"tags":{},"tags_all":{},"vpc_security_group_ids":[]},"identity_schema_version":0,"identity":{"account_id":null,"id":null,"region":null}},{"address":"aws_internet_gateway.main","mode":"managed","type":"aws_internet_gateway","name":"main","provider_name":"registry.terraform.io/hashicorp/aws","schema_version":0,"values":{"region":"us-east-1","tags":{"Name":"portfolio-igw"},"tags_all":{"Name":"portfolio-igw"},"timeouts":null},"sensitive_values":{"tags":{},"tags_all":{}}},{"address":"aws_route.internet_access","mode":"managed","type":"aws_route","name":"internet_access","provider_name":"registry.terraform.io/hashicorp/aws","schema_version":0,"values":{"carrier_gateway_id":null,"core_network_arn":null,"destination_cidr_block":"0.0.0.0/0","destination_ipv6_cidr_block":null,"destination_prefix_list_id":null,"egress_only_gateway_id":null,"local_gateway_id":null,"nat_gateway_id":null,"region":"us-east-1","timeouts":null,"transit_gateway_id":null,"vpc_endpoint_id":null,"vpc_peering_connection_id":null},"sensitive_values":{},"identity_schema_version":0,"identity":{"account_id":null,"destination_cidr_block":null,"destination_ipv6_cidr_block":null,"destination_prefix_list_id":null,"region":null,"route_table_id":null}},{"address":"aws_route_table.public","mode":"managed","type":"aws_route_table","name":"public","provider_name":"registry.terraform.io/hashicorp/aws","schema_version":0,"values":{"region":"us-east-1","tags":{"Name":"portfolio-public-rt"},"tags_all":{"Name":"portfolio-public-rt"},"timeouts":null},"sensitive_values":{"propagating_vgws":[],"route":[],"tags":{},"tags_all":{}},"identity_schema_version":0,"identity":{"account_id":null,"id":null,"region":null}},{"address":"aws_route_table_association.public","mode":"managed","type":"aws_route_table_association","name":"public","provider_name":"registry.terraform.io/hashicorp/aws","schema_version":0,"values":{"gateway_id":null,"region":"us-east-1","timeouts":null},"sensitive_values":{}},{"address":"aws_security_group.web","mode":"managed","type":"aws_security_group","name":"web","provider_name":"registry.terraform.io/hashicorp/aws","schema_version":1,"values":{"description":"Allow HTTP, HTTPS, and SSH access","egress":[{"cidr_blocks":["0.0.0.0/0"],"description":"","from_port":0,"ipv6_cidr_blocks":[],"prefix_list_ids":[],"protocol":"-1","security_groups":[],"self":false,"to_port":0}],"ingress":[{"cidr_blocks":["0.0.0.0/0"],"description":"HTTP","from_port":80,"ipv6_cidr_blocks":[],"prefix_list_ids":[],"protocol":"tcp","security_groups":[],"self":false,"to_port":80},{"cidr_blocks":["0.0.0.0/0"],"description":"HTTPS","from_port":443,"ipv6_cidr_blocks":[],"prefix_list_ids":[],"protocol":"tcp","security_groups":[],"self":false,"to_port":443},{"cidr_blocks":["0.0.0.0/0"],"description":"SSH","from_port":22,"ipv6_cidr_blocks":[],"prefix_list_ids":[],"protocol":"tcp","security_groups":[],"self":false,"to_port":22}],"name":"portfolio-web-sg","region":"us-east-1","revoke_rules_on_delete":false,"tags":{"Name":"portfolio-web-sg"},"tags_all":{"Name":"portfolio-web-sg"},"timeouts":null},"sensitive_values":{"egress":[{"cidr_blocks":[false],"ipv6_cidr_blocks":[],"prefix_list_ids":[],"security_groups":[]}],"ingress":[{"cidr_blocks":[false],"ipv6_cidr_blocks":[],"prefix_list_ids":[],"security_groups":[]},{"cidr_blocks":[false],"ipv6_cidr_blocks":[],"prefix_list_ids":[],"security_groups":[]},{"cidr_blocks":[false],"ipv6_cidr_blocks":[],"prefix_list_ids":[],"security_groups":[]}],"tags":{},"tags_all":{}},"identity_schema_version":0,"identity":{"account_id":null,"id":null,"region":null}},{"address":"aws_subnet.public","mode":"managed","type":"aws_subnet","name":"public","provider_name":"registry.terraform.io/hashicorp/aws","schema_version":1,"values":{"assign_ipv6_address_on_creation":false,"availability_zone":"us-east-1a","cidr_block":"10.0.1.0/24","customer_owned_ipv4_pool":null,"enable_dns64":false,"enable_lni_at_device_index":null,"enable_resource_name_dns_a_record_on_launch":false,"enable_resource_name_dns_aaaa_record_on_launch":false,"ipv6_cidr_block":null,"ipv6_native":false,"map_customer_owned_ip_on_launch":null,"map_public_ip_on_launch":true,"outpost_arn":null,"region":"us-east-1","tags":{"Name":"portfolio-public-subnet"},"tags_all":{"Name":"portfolio-public-subnet"},"timeouts":null},"sensitive_values":{"tags":{},"tags_all":{}},"identity_schema_version":0,"identity":{"account_id":null,"id":null,"region":null}},{"address":"aws_vpc.main","mode":"managed","type":"aws_vpc","name":"main","provider_name":"registry.terraform.io/hashicorp/aws","schema_version":1,"values":{"assign_generated_ipv6_cidr_block":null,"cidr_block":"10.0.0.0/16","enable_dns_hostnames":true,"enable_dns_support":true,"instance_tenancy":"default","ipv4_ipam_pool_id":null,"ipv4_netmask_length":null,"ipv6_ipam_pool_id":null,"ipv6_netmask_length":null,"region":"us-east-1","tags":{"Name":"portfolio-vpc"},"tags_all":{"Name":"portfolio-vpc"}},"sensitive_values":{"tags":{},"tags_all":{}},"identity_schema_version":0,"identity":{"account_id":null,"id":null,"region":null}}]}},"resource_changes":[{"address":"aws_iam_instance_profile.ec2","mode":"managed","type":"aws_iam_instance_profile","name":"ec2","provider_name":"registry.terraform.io/hashicorp/aws","change":{"actions":["create"],"before":null,"after":{"name":"portfolio-ec2-instance-profile","path":"/","role":"portfolio-ec2-role","tags":null},"after_unknown":{"arn":true,"create_date":true,"id":true,"name_prefix":true,"tags_all":true,"unique_id":true},"before_sensitive":false,"after_sensitive":{"tags_all":{}}}},{"address":"aws_iam_role.ec2","mode":"managed","type":"aws_iam_role","name":"ec2","provider_name":"registry.terraform.io/hashicorp/aws","change":{"actions":["create"],"before":null,"after":{"assume_role_policy":"{\"Statement\":[{\"Action\":\"sts:AssumeRole\",\"Effect\":\"Allow\",\"Principal\":{\"Service\":\"ec2.amazonaws.com\"}}],\"Version\":\"2012-10-17\"}","description":null,"force_detach_policies":false,"max_session_duration":3600,"name":"portfolio-ec2-role","path":"/","permissions_boundary":null,"tags":null},"after_unknown":{"arn":true,"create_date":true,"id":true,"inline_policy":true,"managed_policy_arns":true,"name_prefix":true,"tags_all":true,"unique_id":true},"before_sensitive":false,"after_sensitive":{"inline_policy":[],"managed_policy_arns":[],"tags_all":{}},"after_identity":{"account_id":null,"name":null}}},{"address":"aws_iam_role_policy_attachment.cloudwatch","mode":"managed","type":"aws_iam_role_policy_attachment","name":"cloudwatch","provider_name":"registry.terraform.io/hashicorp/aws","change":{"actions":["create"],"before":null,"after":{"policy_arn":"arn:aws:iam::aws:policy/CloudWatchAgentServerPolicy","role":"portfolio-ec2-role"},"after_unknown":{"id":true},"before_sensitive":false,"after_sensitive":{},"after_identity":{"account_id":null,"policy_arn":null,"role":null}}},{"address":"aws_iam_role_policy_attachment.ssm","mode":"managed","type":"aws_iam_role_policy_attachment","name":"ssm","provider_name":"registry.terraform.io/hashicorp/aws","change":{"actions":["create"],"before":null,"after":{"policy_arn":"arn:aws:iam::aws:policy/AmazonSSMManagedInstanceCore","role":"portfolio-ec2-role"},"after_unknown":{"id":true},"before_sensitive":false,"after_sensitive":{},"after_identity":{"account_id":null,"policy_arn":null,"role":null}}},{"address":"aws_instance.web","mode":"managed","type":"aws_instance","name":"web","provider_name":"registry.terraform.io/hashicorp/aws","change":{"actions":["create"],"before":null,"after":{"ami":"ami-04681a1dbd79675a5","associate_public_ip_address":true,"credit_specification":[],"force_destroy":false,"get_password_data":false,"hibernation":null,"iam_instance_profile":"portfolio-ec2-instance-profile","instance_type":"t3.micro","key_name":"ai-tf","launch_template":[],"region":"us-east-1","source_dest_check":true,"tags":{"Name":"portfolio-web-server"},"tags_all":{"Name":"portfolio-web-server"},"timeouts":null,"user_data":"#!/bin/bash\nyum update -y || apt-get update -y\n# Install Docker\namazon-linux-extras install docker -y || apt-get install -y docker.io\nsystemctl enable docker\nsystemctl start docker\n# Add ec2-user or ubuntu to docker group\nusermod -aG docker ec2-user || usermod -aG docker ubuntu\n# Run Nginx container\ndocker run -d --name nginx -p 80:80 nginx:latest\n","user_data_replace_on_change":false,"volume_tags":null},"after_unknown":{"arn":true,"availability_zone":true,"capacity_reservation_specification":true,"cpu_options":true,"credit_specification":[],"disable_api_stop":true,"disable_api_termination":true,"ebs_block_device":true,"ebs_optimized":true,"enable_primary_ipv6":true,"enclave_options":true,"ephemeral_block_device":true,"host_id":true,"host_resource_group_arn":true,"id":true,"instance_initiated_shutdown_behavior":true,"instance_lifecycle":true,"instance_market_options":true,"instance_state":true,"ipv6_address_count":true,"ipv6_addresses":true,"launch_template":[],"maintenance_options":true,"metadata_options":true,"monitoring":true,"network_interface":true,"outpost_arn":true,"password_data":true,"placement_group":true,"placement_group_id":true,"placement_partition_number":true,"primary_network_interface":true,"primary_network_interface_id":true,"private_dns":true,"private_dns_name_options":true,"private_ip":true,"public_dns":true,"public_ip":true,"root_block_device":true,"secondary_private_ips":true,"security_groups":true,"spot_instance_request_id":true,"subnet_id":true,"tags":{},"tags_all":{},"tenancy":true,"user_data_base64":true,"vpc_security_group_ids":true},"before_sensitive":false,"after_sensitive":{"capacity_reservation_specification":[],"cpu_options":[],"credit_specification":[],"ebs_block_device":[],"enclave_options":[],"ephemeral_block_device":[],"instance_market_options":[],"ipv6_addresses":[],"launch_template":[],"maintenance_options":[],"metadata_options":[],"network_interface":[],"primary_network_interface":[],"private_dns_name_options":[],"root_block_device":[],"secondary_private_ips":[],"security_groups":[],"tags":{},"tags_all":{},"vpc_security_group_ids":[]},"after_identity":{"account_id":null,"id":null,"region":null}}},{"address":"aws_internet_gateway.main","mode":"managed","type":"aws_internet_gateway","name":"main","provider_name":"registry.terraform.io/hashicorp/aws","change":{"actions":["create"],"before":null,"after":{"region":"us-east-1","tags":{"Name":"portfolio-igw"},"tags_all":{"Name":"portfolio-igw"},"timeouts":null},"after_unknown":{"arn":true,"id":true,"owner_id":true,"tags":{},"tags_all":{},"vpc_id":true},"before_sensitive":false,"after_sensitive":{"tags":{},"tags_all":{}}}},{"address":"aws_route.internet_access","mode":"managed","type":"aws_route","name":"internet_access","provider_name":"registry.terraform.io/hashicorp/aws","change":{"actions":["create"],"before":null,"after":{"carrier_gateway_id":null,"core_network_arn":null,"destination_cidr_block":"0.0.0.0/0","destination_ipv6_cidr_block":null,"destination_prefix_list_id":null,"egress_only_gateway_id":null,"local_gateway_id":null,"nat_gateway_id":null,"region":"us-east-1","timeouts":null,"transit_gateway_id":null,"vpc_endpoint_id":null,"vpc_peering_connection_id":null},"after_unknown":{"gateway_id":true,"id":true,"instance_id":true,"instance_owner_id":true,"network_interface_id":true,"origin":true,"route_table_id":true,"state":true},"before_sensitive":false,"after_sensitive":{},"after_identity":{"account_id":null,"destination_cidr_block":null,"destination_ipv6_cidr_block":null,"destination_prefix_list_id":null,"region":null,"route_table_id":null}}},{"address":"aws_route_table.public","mode":"managed","type":"aws_route_table","name":"public","provider_name":"registry.terraform.io/hashicorp/aws","change":{"actions":["create"],"before":null,"after":{"region":"us-east-1","tags":{"Name":"portfolio-public-rt"},"tags_all":{"Name":"portfolio-public-rt"},"timeouts":null},"after_unknown":{"arn":true,"id":true,"owner_id":true,"propagating_vgws":true,"route":true,"tags":{},"tags_all":{},"vpc_id":true},"before_sensitive":false,"after_sensitive":{"propagating_vgws":[],"route":[],"tags":{},"tags_all":{}},"after_identity":{"account_id":null,"id":null,"region":null}}},{"address":"aws_route_table_association.public","mode":"managed","type":"aws_route_table_association","name":"public","provider_name":"registry.terraform.io/hashicorp/aws","change":{"actions":["create"],"before":null,"after":{"gateway_id":null,"region":"us-east-1","timeouts":null},"after_unknown":{"id":true,"route_table_id":true,"subnet_id":true},"before_sensitive":false,"after_sensitive":{}}},{"address":"aws_security_group.web","mode":"managed","type":"aws_security_group","name":"web","provider_name":"registry.terraform.io/hashicorp/aws","change":{"actions":["create"],"before":null,"after":{"description":"Allow HTTP, HTTPS, and SSH access","egress":[{"cidr_blocks":["0.0.0.0/0"],"description":"","from_port":0,"ipv6_cidr_blocks":[],"prefix_list_ids":[],"protocol":"-1","security_groups":[],"self":false,"to_port":0}],"ingress":[{"cidr_blocks":["0.0.0.0/0"],"description":"HTTP","from_port":80,"ipv6_cidr_blocks":[],"prefix_list_ids":[],"protocol":"tcp","security_groups":[],"self":false,"to_port":80},{"cidr_blocks":["0.0.0.0/0"],"description":"HTTPS","from_port":443,"ipv6_cidr_blocks":[],"prefix_list_ids":[],"protocol":"tcp","security_groups":[],"self":false,"to_port":443},{"cidr_blocks":["0.0.0.0/0"],"description":"SSH","from_port":22,"ipv6_cidr_blocks":[],"prefix_list_ids":[],"protocol":"tcp","security_groups":[],"self":false,"to_port":22}],"name":"portfolio-web-sg","region":"us-east-1","revoke_rules_on_delete":false,"tags":{"Name":"portfolio-web-sg"},"tags_all":{"Name":"portfolio-web-sg"},"timeouts":null},"after_unknown":{"arn":true,"egress":[{"cidr_blocks":[false],"ipv6_cidr_blocks":[],"prefix_list_ids":[],"security_groups":[]}],"id":true,"ingress":[{"cidr_blocks":[false],"ipv6_cidr_blocks":[],"prefix_list_ids":[],"security_groups":[]},{"cidr_blocks":[false],"ipv6_cidr_blocks":[],"prefix_list_ids":[],"security_groups":[]},{"cidr_blocks":[false],"ipv6_cidr_blocks":[],"prefix_list_ids":[],"security_groups":[]}],"name_prefix":true,"owner_id":true,"tags":{},"tags_all":{},"vpc_id":true},"before_sensitive":false,"after_sensitive":{"egress":[{"cidr_blocks":[false],"ipv6_cidr_blocks":[],"prefix_list_ids":[],"security_groups":[]}],"ingress":[{"cidr_blocks":[false],"ipv6_cidr_blocks":[],"prefix_list_ids":[],"security_groups":[]},{"cidr_blocks":[false],"ipv6_cidr_blocks":[],"prefix_list_ids":[],"security_groups":[]},{"cidr_blocks":[false],"ipv6_cidr_blocks":[],"prefix_list_ids":[],"security_groups":[]}],"tags":{},"tags_all":{}},"after_identity":{"account_id":null,"id":null,"region":null}}},{"address":"aws_subnet.public","mode":"managed","type":"aws_subnet","name":"public","provider_name":"registry.terraform.io/hashicorp/aws","change":{"actions":["create"],"before":null,"after":{"assign_ipv6_address_on_creation":false,"availability_zone":"us-east-1a","cidr_block":"10.0.1.0/24","customer_owned_ipv4_pool":null,"enable_dns64":false,"enable_lni_at_device_index":null,"enable_resource_name_dns_a_record_on_launch":false,"enable_resource_name_dns_aaaa_record_on_launch":false,"ipv6_cidr_block":null,"ipv6_native":false,"map_customer_owned_ip_on_launch":null,"map_public_ip_on_launch":true,"outpost_arn":null,"region":"us-east-1","tags":{"Name":"portfolio-public-subnet"},"tags_all":{"Name":"portfolio-public-subnet"},"timeouts":null},"after_unknown":{"arn":true,"availability_zone_id":true,"id":true,"ipv6_cidr_block_association_id":true,"owner_id":true,"private_dns_hostname_type_on_launch":true,"tags":{},"tags_all":{},"vpc_id":true},"before_sensitive":false,"after_sensitive":{"tags":{},"tags_all":{}},"after_identity":{"account_id":null,"id":null,"region":null}}},{"address":"aws_vpc.main","mode":"managed","type":"aws_vpc","name":"main","provider_name":"registry.terraform.io/hashicorp/aws","change":{"actions":["create"],"before":null,"after":{"assign_generated_ipv6_cidr_block":null,"cidr_block":"10.0.0.0/16","enable_dns_hostnames":true,"enable_dns_support":true,"instance_tenancy":"default","ipv4_ipam_pool_id":null,"ipv4_netmask_length":null,"ipv6_ipam_pool_id":null,"ipv6_netmask_length":null,"region":"us-east-1","tags":{"Name":"portfolio-vpc"},"tags_all":{"Name":"portfolio-vpc"}},"after_unknown":{"arn":true,"default_network_acl_id":true,"default_route_table_id":true,"default_security_group_id":true,"dhcp_options_id":true,"enable_network_address_usage_metrics":true,"id":true,"ipv6_association_id":true,"ipv6_cidr_block":true,"ipv6_cidr_block_network_border_group":true,"main_route_table_id":true,"owner_id":true,"tags":{},"tags_all":{}},"before_sensitive":false,"after_sensitive":{"tags":{},"tags_all":{}},"after_identity":{"account_id":null,"id":null,"region":null}}}],"output_changes":{"ec2_public_dns":{"actions":["create"],"before":null,"after_unknown":true,"before_sensitive":false,"after_sensitive":false},"ec2_public_ip":{"actions":["create"],"before":null,"after_unknown":true,"before_sensitive":false,"after_sensitive":false}},"prior_state":{"format_version":"1.0","terraform_version":"1.13.5","values":{"root_module":{"resources":[{"address":"data.aws_ami.linux","mode":"data","type":"aws_ami","name":"linux","provider_name":"registry.terraform.io/hashicorp/aws","schema_version":0,"values":{"allow_unsafe_filter":null,"architecture":"x86_64","arn":"arn:aws:ec2:us-east-1::image/ami-04681a1dbd79675a5","block_device_mappings":[{"device_name":"/dev/xvda","ebs":{"delete_on_termination":"false","encrypted":"false","iops":"0","snapshot_id":"snap-c9ad208821294b900","throughput":"0","volume_initialization_rate":"0","volume_size":"15","volume_type":"standard"},"no_device":"","virtual_name":""}],"boot_mode":"uefi","creation_date":"2025-12-22T17:27:29.000Z","deprecation_time":"","description":"Amazon Linux 2 AMI 2.0.20180810 x86_64 HVM gp2","ena_support":false,"executable_users":null,"filter":[{"name":"name","values":["amzn2-ami-hvm-*-x86_64-gp2"]}],"hypervisor":"xen","id":"ami-04681a1dbd79675a5","image_id":"ami-04681a1dbd79675a5","image_location":"amazon/amzn2-ami-hvm-2.0.20180810-x86_64-gp2","image_owner_alias":"amazon","image_type":"machine","imds_support":"","include_deprecated":false,"kernel_id":"","last_launched_time":"","most_recent":true,"name":"amzn2-ami-hvm-2.0.20180810-x86_64-gp2","name_regex":null,"owner_id":"137112412989","owners":["amazon"],"platform":"Linux/UNIX","platform_details":"","product_codes":[],"public":true,"ramdisk_id":"","region":"us-east-1","root_device_name":"/dev/xvda","root_device_type":"ebs","root_snapshot_id":"snap-c9ad208821294b900","sriov_net_support":"","state":"available","state_reason":{"code":"UNSET","message":"UNSET"},"tags":{},"timeouts":null,"tpm_support":"","uefi_data":null,"usage_operation":"","virtualization_type":"hvm"},"sensitive_values":{"block_device_mappings":[{"ebs":{}}],"filter":[{"values":[false]}],"owners":[false],"product_codes":[],"state_reason":{},"tags":{}}},{"address":"data.aws_availability_zones.available","mode":"data","type":"aws_availability_zones","name":"available","provider_name":"registry.terraform.io/hashicorp/aws","schema_version":0,"values":{"all_availability_zones":null,"exclude_names":null,"exclude_zone_ids":null,"filter":null,"group_names":[""],"id":"us-east-1","names":["us-east-1a","us-east-1b","us-east-1c","us-east-1d","us-east-1e","us-east-1f"],"region":"us-east-1","state":null,"timeouts":null,"zone_ids":["use1-az6","use1-az1","use1-az2","use1-az4","use1-az3","use1-az5"]},"sensitive_values":{"group_names":[false],"names":[false,false,false,false,false,false],"zone_ids":[false,false,false,false,false,false]}},{"address":"data.aws_iam_policy_document.ec2_assume_role","mode":"data","type":"aws_iam_policy_document","name":"ec2_assume_role","provider_name":"registry.terraform.io/hashicorp/aws","schema_version":0,"values":{"id":"2851119427","json":"{\n  \"Version\": \"2012-10-17\",\n  \"Statement\": [\n    {\n      \"Effect\": \"Allow\",\n      \"Action\": \"sts:AssumeRole\",\n      \"Principal\": {\n        \"Service\": \"ec2.amazonaws.com\"\n      }\n    }\n  ]\n}","minified_json":"{\"Version\":\"2012-10-17\",\"Statement\":[{\"Effect\":\"Allow\",\"Action\":\"sts:AssumeRole\",\"Principal\":{\"Service\":\"ec2.amazonaws.com\"}}]}","override_json":null,"override_policy_documents":null,"policy_id":null,"source_json":null,"source_policy_documents":null,"statement":[{"actions":["sts:AssumeRole"],"condition":[],"effect":"Allow","not_actions":[],"not_principals":[],"not_resources":[],"principals":[{"identifiers":["ec2.amazonaws.com"],"type":"Service"}],"resources":[],"sid":""}],"version":"2012-10-17"},"sensitive_values":{"statement":[{"actions":[false],"condition":[],"not_actions":[],"not_principals":[],"not_resources":[],"principals":[{"identifiers":[false]}],"resources":[]}]}}]}}},"configuration":{"provider_config":{"aws":{"name":"aws","full_name":"registry.terraform.io/hashicorp/aws","version_constraint":"\u003e= 4.0.0","expressions":{"region":{"references":["var.aws_region"]}}}},"root_module":{"outputs":{"ec2_public_dns":{"expression":{"references":["aws_instance.web.public_dns","aws_instance.web"]},"description":"Public DNS of the EC2 instance."},"ec2_public_ip":{"expression":{"references":["aws_instance.web.public_ip","aws_instance.web"]},"description":"Public IP address of the EC2 instance."}},"resources":[{"address":"aws_iam_instance_profile.ec2","mode":"managed","type":"aws_iam_instance_profile","name":"ec2","provider_config_key":"aws","expressions":{"name":{"constant_value":"portfolio-ec2-instance-profile"},"role":{"references":["aws_iam_role.ec2.name","aws_iam_role.ec2"]}},"schema_version":0},{"address":"aws_iam_role.ec2","mode":"managed","type":"aws_iam_role","name":"ec2","provider_config_key":"aws","expressions":{"assume_role_policy":{"references":["data.aws_iam_policy_document.ec2_assume_role.json","data.aws_iam_policy_document.ec2_assume_role"]},"name":{"constant_value":"portfolio-ec2-role"}},"schema_version":0},{"address":"aws_iam_role_policy_attachment.cloudwatch","mode":"managed","type":"aws_iam_role_policy_attachment","name":"cloudwatch","provider_config_key":"aws","expressions":{"policy_arn":{"constant_value":"arn:aws:iam::aws:policy/CloudWatchAgentServerPolicy"},"role":{"references":["aws_iam_role.ec2.name","aws_iam_role.ec2"]}},"schema_version":0},{"address":"aws_iam_role_policy_attachment.ssm","mode":"managed","type":"aws_iam_role_policy_attachment","name":"ssm","provider_config_key":"aws","expressions":{"policy_arn":{"constant_value":"arn:aws:iam::aws:policy/AmazonSSMManagedInstanceCore"},"role":{"references":["aws_iam_role.ec2.name","aws_iam_role.ec2"]}},"schema_version":0},{"address":"aws_instance.web","mode":"managed","type":"aws_instance","name":"web","provider_config_key":"aws","expressions":{"ami":{"references":["data.aws_ami.linux.id","data.aws_ami.linux"]},"associate_public_ip_address":{"constant_value":true},"iam_instance_profile":{"references":["aws_iam_instance_profile.ec2.name","aws_iam_instance_profile.ec2"]},"instance_type":{"references":["var.instance_type"]},"key_name":{"references":["var.key_name"]},"subnet_id":{"references":["aws_subnet.public.id","aws_subnet.public"]},"tags":{"constant_value":{"Name":"portfolio-web-server"}},"user_data":{"constant_value":"#!/bin/bash\nyum update -y || apt-get update -y\n# Install Docker\namazon-linux-extras install docker -y || apt-get install -y docker.io\nsystemctl enable docker\nsystemctl start docker\n# Add ec2-user or ubuntu to docker group\nusermod -aG docker ec2-user || usermod -aG docker ubuntu\n# Run Nginx container\ndocker run -d --name nginx -p 80:80 nginx:latest\n"},"vpc_security_group_ids":{"references":["aws_security_group.web.id","aws_security_group.web"]}},"schema_version":2},{"address":"aws_internet_gateway.main","mode":"managed","type":"aws_internet_gateway","name":"main","provider_config_key":"aws","expressions":{"tags":{"constant_value":{"Name":"portfolio-igw"}},"vpc_id":{"references":["aws_vpc.main.id","aws_vpc.main"]}},"schema_version":0},{"address":"aws_route.internet_access","mode":"managed","type":"aws_route","name":"internet_access","provider_config_key":"aws","expressions":{"destination_cidr_block":{"constant_value":"0.0.0.0/0"},"gateway_id":{"references":["aws_internet_gateway.main.id","aws_internet_gateway.main"]},"route_table_id":{"references":["aws_route_table.public.id","aws_route_table.public"]}},"schema_version":0},{"address":"aws_route_table.public","mode":"managed","type":"aws_route_table","name":"public","provider_config_key":"aws","expressions":{"tags":{"constant_value":{"Name":"portfolio-public-rt"}},"vpc_id":{"references":["aws_vpc.main.id","aws_vpc.main"]}},"schema_version":0},{"address":"aws_route_table_association.public","mode":"managed","type":"aws_route_table_association","name":"public","provider_config_key":"aws","expressions":{"route_table_id":{"references":["aws_route_table.public.id","aws_route_table.public"]},"subnet_id":{"references":["aws_subnet.public.id","aws_subnet.public"]}},"schema_version":0},{"address":"aws_security_group.web","mode":"managed","type":"aws_security_group","name":"web","provider_config_key":"aws","expressions":{"description":{"constant_value":"Allow HTTP, HTTPS, and SSH access"},"egress":{"constant_value":[{"cidr_blocks":["0.0.0.0/0"],"description":null,"from_port":0,"ipv6_cidr_blocks":null,"prefix_list_ids":null,"protocol":"-1","security_groups":null,"self":null,"to_port":0}]},"ingress":{"references":["var.trusted_ssh_cidr"]},"name":{"constant_value":"portfolio-web-sg"},"tags":{"constant_value":{"Name":"portfolio-web-sg"}},"vpc_id":{"references":["aws_vpc.main.id","aws_vpc.main"]}},"schema_version":1},{"address":"aws_subnet.public","mode":"managed","type":"aws_subnet","name":"public","provider_config_key":"aws","expressions":{"availability_zone":{"references":["data.aws_availability_zones.available.names[0]","data.aws_availability_zones.available.names","data.aws_availability_zones.available"]},"cidr_block":{"references":["var.public_subnet_cidr"]},"map_public_ip_on_launch":{"constant_value":true},"tags":{"constant_value":{"Name":"portfolio-public-subnet"}},"vpc_id":{"references":["aws_vpc.main.id","aws_vpc.main"]}},"schema_version":1},{"address":"aws_vpc.main","mode":"managed","type":"aws_vpc","name":"main","provider_config_key":"aws","expressions":{"cidr_block":{"references":["var.vpc_cidr"]},"enable_dns_hostnames":{"constant_value":true},"enable_dns_support":{"constant_value":true},"tags":{"constant_value":{"Name":"portfolio-vpc"}}},"schema_version":1},{"address":"data.aws_ami.linux","mode":"data","type":"aws_ami","name":"linux","provider_config_key":"aws","expressions":{"filter":[{"name":{"constant_value":"name"},"values":{"constant_value":["amzn2-ami-hvm-*-x86_64-gp2"]}}],"most_recent":{"constant_value":true},"owners":{"constant_value":["amazon"]}},"schema_version":0},{"address":"data.aws_availability_zones.available","mode":"data","type":"aws_availability_zones","name":"available","provider_config_key":"aws","schema_version":0},{"address":"data.aws_iam_policy_document.ec2_assume_role","mode":"data","type":"aws_iam_policy_document","name":"ec2_assume_role","provider_config_key":"aws","expressions":{"statement":[{"actions":{"constant_value":["sts:AssumeRole"]},"principals":[{"identifiers":{"constant_value":["ec2.amazonaws.com"]},"type":{"constant_value":"Service"}}]}]},"schema_version":0}],"variables":{"aws_region":{"default":"us-east-1","description":"AWS region to deploy resources in."},"instance_type":{"default":"t3.micro","description":"EC2 instance type."},"key_name":{"description":"Name of the existing EC2 Key Pair to enable SSH access."},"public_subnet_cidr":{"default":"10.0.1.0/24","description":"CIDR block for the public subnet."},"trusted_ssh_cidr":{"default":"0.0.0.0/0","description":"CIDR block allowed to SSH into EC2."},"vpc_cidr":{"default":"10.0.0.0/16","description":"CIDR block for the VPC."}}}},"relevant_attributes":[{"resource":"data.aws_availability_zones.available","attribute":["names",0]},{"resource":"data.aws_iam_policy_document.ec2_assume_role","attribute":["json"]},{"resource":"aws_security_group.web","attribute":["id"]},{"resource":"aws_internet_gateway.main","attribute":["id"]},{"resource":"aws_vpc.main","attribute":["id"]},{"resource":"data.aws_ami.linux","attribute":["id"]},{"resource":"aws_subnet.public","attribute":["id"]},{"resource":"aws_iam_instance_profile.ec2","attribute":["name"]},{"resource":"aws_iam_role.ec2","attribute":["name"]},{"resource":"aws_instance.web","attribute":["public_dns"]},{"resource":"aws_instance.web","attribute":["public_ip"]},{"resource":"aws_route_table.public","attribute":["id"]}],"timestamp":"2025-12-22T17:27:28Z","applyable":true,"complete":true,"errored":false}
