data.aws_availability_zones.available: Reading...
data.aws_vpc.default: Reading...
data.aws_iam_policy_document.eks_assume_role_policy: Reading...
data.aws_iam_policy_document.eks_assume_role_policy: Read complete after 0s [id=3552664922]
data.aws_availability_zones.available: Read complete after 0s [id=us-east-1]
data.aws_vpc.default: Read complete after 0s [id=vpc-3e112e4e846caab20]
data.aws_subnets.default: Reading...
data.aws_subnets.default: Read complete after 0s [id=us-east-1]

Terraform used the selected providers to generate the following execution
plan. Resource actions are indicated with the following symbols:
  + create

Terraform will perform the following actions:

  # aws_eks_cluster.main will be created
  + resource "aws_eks_cluster" "main" {
      + arn                           = (known after apply)
      + bootstrap_self_managed_addons = true
      + certificate_authority         = (known after apply)
      + cluster_id                    = (known after apply)
      + created_at                    = (known after apply)
      + deletion_protection           = (known after apply)
      + endpoint                      = (known after apply)
      + id                            = (known after apply)
      + identity                      = (known after apply)
      + name                          = "react-aws-eks-github-actions"
      + platform_version              = (known after apply)
      + region                        = "us-east-1"
      + role_arn                      = (known after apply)
      + status                        = (known after apply)
      + tags_all                      = (known after apply)
      + version                       = (known after apply)

      + access_config (known after apply)

      + compute_config (known after apply)

      + control_plane_scaling_config (known after apply)

      + kubernetes_network_config (known after apply)

      + storage_config (known after apply)

      + upgrade_policy (known after apply)

      + vpc_config {
          + cluster_security_group_id = (known after apply)
          + endpoint_private_access   = false
          + endpoint_public_access    = true
          + public_access_cidrs       = (known after apply)
          + subnet_ids                = [
              + "subnet-467e982d1ed61b097",
              + "subnet-795ba86a74ecd60ef",
              + "subnet-caf9c33dbb0d7b13c",
              + "subnet-ccc9eeab10f7cad59",
              + "subnet-d79ae37e2553c8a58",
              + "subnet-e9c0b5dc693167b20",
            ]
          + vpc_id                    = (known after apply)
        }
    }

  # aws_iam_role.eks_cluster will be created
  + resource "aws_iam_role" "eks_cluster" {
      + arn                   = (known after apply)
      + assume_role_policy    = jsonencode(
            {
              + Statement = [
                  + {
                      + Action    = "sts:AssumeRole"
                      + Effect    = "Allow"
                      + Principal = {
                          + Service = "eks.amazonaws.com"
                        }
                    },
                ]
              + Version   = "2012-10-17"
            }
        )
      + create_date           = (known after apply)
      + force_detach_policies = false
      + id                    = (known after apply)
      + managed_policy_arns   = (known after apply)
      + max_session_duration  = 3600
      + name                  = "react-aws-eks-github-actions-eks-cluster-role"
      + name_prefix           = (known after apply)
      + path                  = "/"
      + tags_all              = (known after apply)
      + unique_id             = (known after apply)

      + inline_policy (known after apply)
    }

  # aws_iam_role_policy_attachment.eks_cluster_AmazonEKSClusterPolicy will be created
  + resource "aws_iam_role_policy_attachment" "eks_cluster_AmazonEKSClusterPolicy" {
      + id         = (known after apply)
      + policy_arn = "arn:aws:iam::aws:policy/AmazonEKSClusterPolicy"
      + role       = "react-aws-eks-github-actions-eks-cluster-role"
    }

  # aws_iam_role_policy_attachment.eks_cluster_AmazonEKSServicePolicy will be created
  + resource "aws_iam_role_policy_attachment" "eks_cluster_AmazonEKSServicePolicy" {
      + id         = (known after apply)
      + policy_arn = "arn:aws:iam::aws:policy/AmazonEKSServicePolicy"
      + role       = "react-aws-eks-github-actions-eks-cluster-role"
    }

  # aws_lb.app_lb will be created
  + resource "aws_lb" "app_lb" {
      + arn                                                          = (known after apply)
      + arn_suffix                                                   = (known after apply)
      + client_keep_alive                                            = 3600
      + desync_mitigation_mode                                       = "defensive"
      + dns_name                                                     = (known after apply)
      + drop_invalid_header_fields                                   = false
      + enable_deletion_protection                                   = false
      + enable_http2                                                 = true
      + enable_tls_version_and_cipher_suite_headers                  = false
      + enable_waf_fail_open                                         = false
      + enable_xff_client_port                                       = false
      + enable_zonal_shift                                           = false
      + enforce_security_group_inbound_rules_on_private_link_traffic = (known after apply)
      + id                                                           = (known after apply)
      + idle_timeout                                                 = 60
      + internal                                                     = false
      + ip_address_type                                              = (known after apply)
      + load_balancer_type                                           = "application"
      + name                                                         = "react-aws-eks-github-actions-alb"
      + name_prefix                                                  = (known after apply)
      + preserve_host_header                                         = false
      + region                                                       = "us-east-1"
      + secondary_ips_auto_assigned_per_subnet                       = (known after apply)
      + security_groups                                              = (known after apply)
      + subnets                                                      = [
          + "subnet-467e982d1ed61b097",
          + "subnet-795ba86a74ecd60ef",
          + "subnet-caf9c33dbb0d7b13c",
          + "subnet-ccc9eeab10f7cad59",
          + "subnet-d79ae37e2553c8a58",
          + "subnet-e9c0b5dc693167b20",
        ]
      + tags                                                         = {
          + "Name" = "react-aws-eks-github-actions-alb"
        }
      + tags_all                                                     = {
          + "Name" = "react-aws-eks-github-actions-alb"
        }
      + vpc_id                                                       = (known after apply)
      + xff_header_processing_mode                                   = "append"
      + zone_id                                                      = (known after apply)

      + subnet_mapping (known after apply)
    }

  # aws_security_group.eks will be created
  + resource "aws_security_group" "eks" {
      + arn                    = (known after apply)
      + description            = "EKS cluster security group"
      + egress                 = [
          + {
              + cidr_blocks      = [
                  + "0.0.0.0/0",
                ]
              + from_port        = 0
              + ipv6_cidr_blocks = []
              + prefix_list_ids  = []
              + protocol         = "-1"
              + security_groups  = []
              + self             = false
              + to_port          = 0
                # (1 unchanged attribute hidden)
            },
        ]
      + id                     = (known after apply)
      + ingress                = [
          + {
              + cidr_blocks      = [
                  + "0.0.0.0/0",
                ]
              + from_port        = 0
              + ipv6_cidr_blocks = []
              + prefix_list_ids  = []
              + protocol         = "-1"
              + security_groups  = []
              + self             = false
              + to_port          = 0
                # (1 unchanged attribute hidden)
            },
        ]
      + name                   = "react-aws-eks-github-actions-eks-sg"
      + name_prefix            = (known after apply)
      + owner_id               = (known after apply)
      + region                 = "us-east-1"
      + revoke_rules_on_delete = false
      + tags_all               = (known after apply)
      + vpc_id                 = "vpc-3e112e4e846caab20"
    }

Plan: 6 to add, 0 to change, 0 to destroy.

Changes to Outputs:
  + cluster_endpoint               = (known after apply)
  + cluster_name                   = "react-aws-eks-github-actions"
  + service_load_balancer_hostname = (known after apply)
aws_iam_role.eks_cluster: Creating...
aws_security_group.eks: Creating...
aws_iam_role.eks_cluster: Creation complete after 0s [id=react-aws-eks-github-actions-eks-cluster-role]
aws_iam_role_policy_attachment.eks_cluster_AmazonEKSServicePolicy: Creating...
aws_iam_role_policy_attachment.eks_cluster_AmazonEKSClusterPolicy: Creating...
aws_eks_cluster.main: Creating...
aws_iam_role_policy_attachment.eks_cluster_AmazonEKSClusterPolicy: Creation complete after 0s [id=react-aws-eks-github-actions-eks-cluster-role/arn:aws:iam::aws:policy/AmazonEKSClusterPolicy]
aws_iam_role_policy_attachment.eks_cluster_AmazonEKSServicePolicy: Creation complete after 0s [id=react-aws-eks-github-actions-eks-cluster-role/arn:aws:iam::aws:policy/AmazonEKSServicePolicy]
aws_security_group.eks: Creation complete after 0s [id=sg-e1306bbbcc3567078]
aws_lb.app_lb: Creating...
aws_eks_cluster.main: Still creating... [00m10s elapsed]
aws_lb.app_lb: Still creating... [00m10s elapsed]
aws_eks_cluster.main: Still creating... [00m20s elapsed]
aws_lb.app_lb: Still creating... [00m20s elapsed]
aws_eks_cluster.main: Still creating... [00m30s elapsed]
aws_lb.app_lb: Still creating... [00m30s elapsed]
aws_eks_cluster.main: Still creating... [00m40s elapsed]
aws_eks_cluster.main: Still creating... [00m50s elapsed]
aws_eks_cluster.main: Still creating... [01m00s elapsed]
aws_eks_cluster.main: Still creating... [01m10s elapsed]
aws_eks_cluster.main: Still creating... [01m20s elapsed]
aws_eks_cluster.main: Still creating... [01m30s elapsed]
aws_eks_cluster.main: Still creating... [01m40s elapsed]
aws_eks_cluster.main: Still creating... [01m50s elapsed]
aws_eks_cluster.main: Still creating... [02m00s elapsed]
aws_eks_cluster.main: Still creating... [02m10s elapsed]
aws_eks_cluster.main: Still creating... [02m20s elapsed]
aws_eks_cluster.main: Still creating... [02m30s elapsed]
aws_eks_cluster.main: Still creating... [02m40s elapsed]
aws_eks_cluster.main: Still creating... [02m50s elapsed]
aws_eks_cluster.main: Still creating... [03m00s elapsed]
