{
  "version": 4,
  "terraform_version": "1.13.5",
  "serial": 1,
  "lineage": "c838c471-a2ee-8ce5-9d33-f01cb1b3e235",
  "outputs": {},
  "resources": [
    {
      "mode": "managed",
      "type": "random_id",
      "name": "suffix",
      "provider": "provider[\"registry.terraform.io/hashicorp/random\"]",
      "instances": [
        {
          "schema_version": 0,
          "attributes": {
            "b64_std": "186gPA==",
            "b64_url": "186gPA",
            "byte_length": 4,
            "dec": "3620642876",
            "hex": "d7cea03c",
            "id": "186gPA",
            "keepers": null,
            "prefix": null
          },
          "sensitive_attributes": [],
          "identity_schema_version": 0
        }
      ]
    }
  ],
  "check_results": null
}
