
Terraform used the selected providers to generate the following execution
plan. Resource actions are indicated with the following symbols:
  + create
 <= read (data resources)

Terraform will perform the following actions:

  # data.aws_iam_policy_document.s3_policy will be read during apply
  # (config refers to values not yet known)
 <= data "aws_iam_policy_document" "s3_policy" {
      + id            = (known after apply)
      + json          = (known after apply)
      + minified_json = (known after apply)

      + statement {
          + actions   = [
              + "s3:GetObject",
            ]
          + effect    = "Allow"
          + resources = [
              + (known after apply),
            ]

          + principals {
              + identifiers = [
                  + "*",
                ]
              + type        = "*"
            }
        }
    }

  # aws_s3_bucket.static_site will be created
  + resource "aws_s3_bucket" "static_site" {
      + acceleration_status         = (known after apply)
      + acl                         = "public-read"
      + arn                         = (known after apply)
      + bucket                      = (known after apply)
      + bucket_domain_name          = (known after apply)
      + bucket_prefix               = (known after apply)
      + bucket_region               = (known after apply)
      + bucket_regional_domain_name = (known after apply)
      + force_destroy               = false
      + hosted_zone_id              = (known after apply)
      + id                          = (known after apply)
      + object_lock_enabled         = (known after apply)
      + policy                      = (known after apply)
      + region                      = "us-east-1"
      + request_payer               = (known after apply)
      + tags                        = {
          + "Environment" = "dev"
          + "Name"        = "dinosaur-game"
        }
      + tags_all                    = {
          + "Environment" = "dev"
          + "Name"        = "dinosaur-game"
        }
      + website_domain              = (known after apply)
      + website_endpoint            = (known after apply)

      + cors_rule (known after apply)

      + grant (known after apply)

      + lifecycle_rule (known after apply)

      + logging (known after apply)

      + object_lock_configuration (known after apply)

      + replication_configuration (known after apply)

      + server_side_encryption_configuration (known after apply)

      + versioning (known after apply)

      + website {
          + error_document = "index.html"
          + index_document = "index.html"
        }
    }

  # aws_s3_bucket_object.cactus_png will be created
  + resource "aws_s3_bucket_object" "cactus_png" {
      + acl                    = "public-read"
      + arn                    = (known after apply)
      + bucket                 = (known after apply)
      + bucket_key_enabled     = (known after apply)
      + content_type           = "image/png"
      + etag                   = (known after apply)
      + force_destroy          = false
      + id                     = (known after apply)
      + key                    = "images/cactus.png"
      + kms_key_id             = (known after apply)
      + region                 = "us-east-1"
      + server_side_encryption = (known after apply)
      + source                 = "../images/cactus.png"
      + storage_class          = (known after apply)
      + tags_all               = (known after apply)
      + version_id             = (known after apply)
    }

  # aws_s3_bucket_object.dinosaur_png will be created
  + resource "aws_s3_bucket_object" "dinosaur_png" {
      + acl                    = "public-read"
      + arn                    = (known after apply)
      + bucket                 = (known after apply)
      + bucket_key_enabled     = (known after apply)
      + content_type           = "image/png"
      + etag                   = (known after apply)
      + force_destroy          = false
      + id                     = (known after apply)
      + key                    = "images/dinosaur.png"
      + kms_key_id             = (known after apply)
      + region                 = "us-east-1"
      + server_side_encryption = (known after apply)
      + source                 = "../images/dinosaur.png"
      + storage_class          = (known after apply)
      + tags_all               = (known after apply)
      + version_id             = (known after apply)
    }

  # aws_s3_bucket_object.index_html will be created
  + resource "aws_s3_bucket_object" "index_html" {
      + acl                    = "public-read"
      + arn                    = (known after apply)
      + bucket                 = (known after apply)
      + bucket_key_enabled     = (known after apply)
      + content_type           = "text/html"
      + etag                   = (known after apply)
      + force_destroy          = false
      + id                     = (known after apply)
      + key                    = "index.html"
      + kms_key_id             = (known after apply)
      + region                 = "us-east-1"
      + server_side_encryption = (known after apply)
      + source                 = "../index.html"
      + storage_class          = (known after apply)
      + tags_all               = (known after apply)
      + version_id             = (known after apply)
    }

  # aws_s3_bucket_object.script_js will be created
  + resource "aws_s3_bucket_object" "script_js" {
      + acl                    = "public-read"
      + arn                    = (known after apply)
      + bucket                 = (known after apply)
      + bucket_key_enabled     = (known after apply)
      + content_type           = "application/javascript"
      + etag                   = (known after apply)
      + force_destroy          = false
      + id                     = (known after apply)
      + key                    = "script.js"
      + kms_key_id             = (known after apply)
      + region                 = "us-east-1"
      + server_side_encryption = (known after apply)
      + source                 = "../script.js"
      + storage_class          = (known after apply)
      + tags_all               = (known after apply)
      + version_id             = (known after apply)
    }

  # aws_s3_bucket_object.style_css will be created
  + resource "aws_s3_bucket_object" "style_css" {
      + acl                    = "public-read"
      + arn                    = (known after apply)
      + bucket                 = (known after apply)
      + bucket_key_enabled     = (known after apply)
      + content_type           = "text/css"
      + etag                   = (known after apply)
      + force_destroy          = false
      + id                     = (known after apply)
      + key                    = "style.css"
      + kms_key_id             = (known after apply)
      + region                 = "us-east-1"
      + server_side_encryption = (known after apply)
      + source                 = "../style.css"
      + storage_class          = (known after apply)
      + tags_all               = (known after apply)
      + version_id             = (known after apply)
    }

  # aws_s3_bucket_policy.static_site_policy will be created
  + resource "aws_s3_bucket_policy" "static_site_policy" {
      + bucket = (known after apply)
      + id     = (known after apply)
      + policy = (known after apply)
      + region = "us-east-1"
    }

  # random_id.suffix will be created
  + resource "random_id" "suffix" {
      + b64_std     = (known after apply)
      + b64_url     = (known after apply)
      + byte_length = 4
      + dec         = (known after apply)
      + hex         = (known after apply)
      + id          = (known after apply)
    }

Plan: 8 to add, 0 to change, 0 to destroy.

Changes to Outputs:
  + s3_bucket_name        = (known after apply)
  + s3_bucket_website_url = (known after apply)
random_id.suffix: Creating...
random_id.suffix: Creation complete after 0s [id=mMGYzw]
aws_s3_bucket.static_site: Creating...
aws_s3_bucket.static_site: Still creating... [00m10s elapsed]
aws_s3_bucket.static_site: Still creating... [00m20s elapsed]
aws_s3_bucket.static_site: Still creating... [00m30s elapsed]
aws_s3_bucket.static_site: Still creating... [00m40s elapsed]
aws_s3_bucket.static_site: Still creating... [00m50s elapsed]
aws_s3_bucket.static_site: Still creating... [01m00s elapsed]
aws_s3_bucket.static_site: Still creating... [01m10s elapsed]
aws_s3_bucket.static_site: Still creating... [01m21s elapsed]
aws_s3_bucket.static_site: Still creating... [01m31s elapsed]
aws_s3_bucket.static_site: Still creating... [01m41s elapsed]
aws_s3_bucket.static_site: Still creating... [01m51s elapsed]
aws_s3_bucket.static_site: Still creating... [02m01s elapsed]
aws_s3_bucket.static_site: Still creating... [02m11s elapsed]
aws_s3_bucket.static_site: Still creating... [02m21s elapsed]
aws_s3_bucket.static_site: Still creating... [02m31s elapsed]
aws_s3_bucket.static_site: Still creating... [02m41s elapsed]
aws_s3_bucket.static_site: Still creating... [02m51s elapsed]
aws_s3_bucket.static_site: Still creating... [03m01s elapsed]
aws_s3_bucket.static_site: Still creating... [03m11s elapsed]
aws_s3_bucket.static_site: Still creating... [03m21s elapsed]
aws_s3_bucket.static_site: Still creating... [03m31s elapsed]
aws_s3_bucket.static_site: Still creating... [03m41s elapsed]
aws_s3_bucket.static_site: Still creating... [03m51s elapsed]
aws_s3_bucket.static_site: Still creating... [04m01s elapsed]
aws_s3_bucket.static_site: Still creating... [04m11s elapsed]
aws_s3_bucket.static_site: Still creating... [04m21s elapsed]
aws_s3_bucket.static_site: Still creating... [04m31s elapsed]
aws_s3_bucket.static_site: Still creating... [04m41s elapsed]
aws_s3_bucket.static_site: Still creating... [04m51s elapsed]
aws_s3_bucket.static_site: Still creating... [05m01s elapsed]
aws_s3_bucket.static_site: Still creating... [05m11s elapsed]
aws_s3_bucket.static_site: Still creating... [05m21s elapsed]
aws_s3_bucket.static_site: Still creating... [05m31s elapsed]
aws_s3_bucket.static_site: Still creating... [05m41s elapsed]
aws_s3_bucket.static_site: Still creating... [05m51s elapsed]
aws_s3_bucket.static_site: Still creating... [06m01s elapsed]
aws_s3_bucket.static_site: Still creating... [06m11s elapsed]
aws_s3_bucket.static_site: Still creating... [06m21s elapsed]
aws_s3_bucket.static_site: Still creating... [06m31s elapsed]
aws_s3_bucket.static_site: Still creating... [06m41s elapsed]
aws_s3_bucket.static_site: Still creating... [06m51s elapsed]
aws_s3_bucket.static_site: Still creating... [07m01s elapsed]
aws_s3_bucket.static_site: Still creating... [07m11s elapsed]
aws_s3_bucket.static_site: Still creating... [07m21s elapsed]
aws_s3_bucket.static_site: Still creating... [07m31s elapsed]
aws_s3_bucket.static_site: Still creating... [07m41s elapsed]
aws_s3_bucket.static_site: Still creating... [07m51s elapsed]
aws_s3_bucket.static_site: Still creating... [08m01s elapsed]
aws_s3_bucket.static_site: Still creating... [08m11s elapsed]
aws_s3_bucket.static_site: Still creating... [08m21s elapsed]
aws_s3_bucket.static_site: Still creating... [08m31s elapsed]
aws_s3_bucket.static_site: Still creating... [08m41s elapsed]
aws_s3_bucket.static_site: Still creating... [08m51s elapsed]
aws_s3_bucket.static_site: Still creating... [09m01s elapsed]
aws_s3_bucket.static_site: Still creating... [09m11s elapsed]
aws_s3_bucket.static_site: Still creating... [09m21s elapsed]
aws_s3_bucket.static_site: Still creating... [09m31s elapsed]
aws_s3_bucket.static_site: Still creating... [09m41s elapsed]
aws_s3_bucket.static_site: Still creating... [09m51s elapsed]
aws_s3_bucket.static_site: Still creating... [10m01s elapsed]
aws_s3_bucket.static_site: Still creating... [10m11s elapsed]
aws_s3_bucket.static_site: Still creating... [10m21s elapsed]
aws_s3_bucket.static_site: Still creating... [10m31s elapsed]
aws_s3_bucket.static_site: Still creating... [10m41s elapsed]
aws_s3_bucket.static_site: Still creating... [10m51s elapsed]
aws_s3_bucket.static_site: Still creating... [11m01s elapsed]
aws_s3_bucket.static_site: Still creating... [11m11s elapsed]
aws_s3_bucket.static_site: Still creating... [11m21s elapsed]
aws_s3_bucket.static_site: Still creating... [11m31s elapsed]
aws_s3_bucket.static_site: Still creating... [11m41s elapsed]
aws_s3_bucket.static_site: Still creating... [11m51s elapsed]
aws_s3_bucket.static_site: Still creating... [12m01s elapsed]
aws_s3_bucket.static_site: Still creating... [12m11s elapsed]
aws_s3_bucket.static_site: Still creating... [12m21s elapsed]
aws_s3_bucket.static_site: Still creating... [12m31s elapsed]
aws_s3_bucket.static_site: Still creating... [12m41s elapsed]
aws_s3_bucket.static_site: Still creating... [12m51s elapsed]
aws_s3_bucket.static_site: Still creating... [13m01s elapsed]
aws_s3_bucket.static_site: Still creating... [13m11s elapsed]
aws_s3_bucket.static_site: Still creating... [13m21s elapsed]
aws_s3_bucket.static_site: Still creating... [13m31s elapsed]
aws_s3_bucket.static_site: Still creating... [13m41s elapsed]
aws_s3_bucket.static_site: Still creating... [13m51s elapsed]
aws_s3_bucket.static_site: Still creating... [14m01s elapsed]
aws_s3_bucket.static_site: Still creating... [14m11s elapsed]
aws_s3_bucket.static_site: Still creating... [14m21s elapsed]
aws_s3_bucket.static_site: Still creating... [14m31s elapsed]
aws_s3_bucket.static_site: Still creating... [14m41s elapsed]
aws_s3_bucket.static_site: Still creating... [14m51s elapsed]
aws_s3_bucket.static_site: Still creating... [15m01s elapsed]
aws_s3_bucket.static_site: Still creating... [15m11s elapsed]
aws_s3_bucket.static_site: Still creating... [15m21s elapsed]
aws_s3_bucket.static_site: Still creating... [15m31s elapsed]
aws_s3_bucket.static_site: Still creating... [15m41s elapsed]
aws_s3_bucket.static_site: Still creating... [15m51s elapsed]
aws_s3_bucket.static_site: Still creating... [16m01s elapsed]
aws_s3_bucket.static_site: Still creating... [16m11s elapsed]
aws_s3_bucket.static_site: Still creating... [16m21s elapsed]
aws_s3_bucket.static_site: Still creating... [16m31s elapsed]
aws_s3_bucket.static_site: Still creating... [16m41s elapsed]
aws_s3_bucket.static_site: Still creating... [16m51s elapsed]
aws_s3_bucket.static_site: Still creating... [17m01s elapsed]
aws_s3_bucket.static_site: Still creating... [17m11s elapsed]
aws_s3_bucket.static_site: Still creating... [17m21s elapsed]
aws_s3_bucket.static_site: Still creating... [17m31s elapsed]
aws_s3_bucket.static_site: Still creating... [17m41s elapsed]
aws_s3_bucket.static_site: Still creating... [17m51s elapsed]
aws_s3_bucket.static_site: Still creating... [18m01s elapsed]
aws_s3_bucket.static_site: Still creating... [18m11s elapsed]
aws_s3_bucket.static_site: Still creating... [18m21s elapsed]
aws_s3_bucket.static_site: Still creating... [18m31s elapsed]
aws_s3_bucket.static_site: Still creating... [18m41s elapsed]
aws_s3_bucket.static_site: Still creating... [18m51s elapsed]
aws_s3_bucket.static_site: Still creating... [19m01s elapsed]
aws_s3_bucket.static_site: Still creating... [19m11s elapsed]
aws_s3_bucket.static_site: Still creating... [19m21s elapsed]
aws_s3_bucket.static_site: Still creating... [19m31s elapsed]
aws_s3_bucket.static_site: Still creating... [19m41s elapsed]
aws_s3_bucket.static_site: Still creating... [19m51s elapsed]
aws_s3_bucket.static_site: Still creating... [20m01s elapsed]
aws_s3_bucket.static_site: Still creating... [20m11s elapsed]
aws_s3_bucket.static_site: Still creating... [20m21s elapsed]
aws_s3_bucket.static_site: Still creating... [20m31s elapsed]
aws_s3_bucket.static_site: Still creating... [20m41s elapsed]
aws_s3_bucket.static_site: Still creating... [20m51s elapsed]
aws_s3_bucket.static_site: Still creating... [21m01s elapsed]
aws_s3_bucket.static_site: Still creating... [21m11s elapsed]
aws_s3_bucket.static_site: Still creating... [21m21s elapsed]
aws_s3_bucket.static_site: Still creating... [21m31s elapsed]
aws_s3_bucket.static_site: Still creating... [21m41s elapsed]
aws_s3_bucket.static_site: Still creating... [21m51s elapsed]
aws_s3_bucket.static_site: Still creating... [22m01s elapsed]
aws_s3_bucket.static_site: Still creating... [22m11s elapsed]
aws_s3_bucket.static_site: Still creating... [22m21s elapsed]
aws_s3_bucket.static_site: Still creating... [22m31s elapsed]
aws_s3_bucket.static_site: Still creating... [22m41s elapsed]
aws_s3_bucket.static_site: Still creating... [22m51s elapsed]
aws_s3_bucket.static_site: Still creating... [23m01s elapsed]
aws_s3_bucket.static_site: Still creating... [23m11s elapsed]
aws_s3_bucket.static_site: Still creating... [23m21s elapsed]
aws_s3_bucket.static_site: Still creating... [23m31s elapsed]
aws_s3_bucket.static_site: Still creating... [23m41s elapsed]
aws_s3_bucket.static_site: Still creating... [23m51s elapsed]
aws_s3_bucket.static_site: Still creating... [24m01s elapsed]
aws_s3_bucket.static_site: Still creating... [24m11s elapsed]
aws_s3_bucket.static_site: Still creating... [24m21s elapsed]
aws_s3_bucket.static_site: Still creating... [24m31s elapsed]
aws_s3_bucket.static_site: Still creating... [24m41s elapsed]
aws_s3_bucket.static_site: Still creating... [24m51s elapsed]
aws_s3_bucket.static_site: Still creating... [25m01s elapsed]
aws_s3_bucket.static_site: Still creating... [25m11s elapsed]
aws_s3_bucket.static_site: Still creating... [25m21s elapsed]
aws_s3_bucket.static_site: Still creating... [25m31s elapsed]
aws_s3_bucket.static_site: Still creating... [25m41s elapsed]
aws_s3_bucket.static_site: Still creating... [25m51s elapsed]
aws_s3_bucket.static_site: Still creating... [26m01s elapsed]
aws_s3_bucket.static_site: Still creating... [26m11s elapsed]
aws_s3_bucket.static_site: Still creating... [26m21s elapsed]
aws_s3_bucket.static_site: Still creating... [26m31s elapsed]
aws_s3_bucket.static_site: Still creating... [26m41s elapsed]
aws_s3_bucket.static_site: Still creating... [26m51s elapsed]
aws_s3_bucket.static_site: Still creating... [27m01s elapsed]
aws_s3_bucket.static_site: Still creating... [27m11s elapsed]
aws_s3_bucket.static_site: Still creating... [27m21s elapsed]
aws_s3_bucket.static_site: Still creating... [27m31s elapsed]
aws_s3_bucket.static_site: Still creating... [27m41s elapsed]
aws_s3_bucket.static_site: Still creating... [27m51s elapsed]
aws_s3_bucket.static_site: Still creating... [28m01s elapsed]
aws_s3_bucket.static_site: Still creating... [28m11s elapsed]
aws_s3_bucket.static_site: Still creating... [28m21s elapsed]
aws_s3_bucket.static_site: Still creating... [28m31s elapsed]
aws_s3_bucket.static_site: Still creating... [28m41s elapsed]
aws_s3_bucket.static_site: Still creating... [28m51s elapsed]
aws_s3_bucket.static_site: Still creating... [29m01s elapsed]
aws_s3_bucket.static_site: Still creating... [29m11s elapsed]
aws_s3_bucket.static_site: Still creating... [29m21s elapsed]
aws_s3_bucket.static_site: Still creating... [29m31s elapsed]
aws_s3_bucket.static_site: Still creating... [29m41s elapsed]
aws_s3_bucket.static_site: Still creating... [29m51s elapsed]
aws_s3_bucket.static_site: Still creating... [30m01s elapsed]
aws_s3_bucket.static_site: Still creating... [30m11s elapsed]
aws_s3_bucket.static_site: Still creating... [30m21s elapsed]
aws_s3_bucket.static_site: Still creating... [30m31s elapsed]
aws_s3_bucket.static_site: Still creating... [30m41s elapsed]
aws_s3_bucket.static_site: Still creating... [30m51s elapsed]
aws_s3_bucket.static_site: Still creating... [31m01s elapsed]
aws_s3_bucket.static_site: Still creating... [31m11s elapsed]
aws_s3_bucket.static_site: Still creating... [31m21s elapsed]
aws_s3_bucket.static_site: Still creating... [31m31s elapsed]
aws_s3_bucket.static_site: Still creating... [31m41s elapsed]
aws_s3_bucket.static_site: Still creating... [31m51s elapsed]
aws_s3_bucket.static_site: Still creating... [32m01s elapsed]
aws_s3_bucket.static_site: Still creating... [32m11s elapsed]
aws_s3_bucket.static_site: Still creating... [32m21s elapsed]
aws_s3_bucket.static_site: Still creating... [32m31s elapsed]
aws_s3_bucket.static_site: Still creating... [32m41s elapsed]
aws_s3_bucket.static_site: Still creating... [32m51s elapsed]
aws_s3_bucket.static_site: Still creating... [33m01s elapsed]
aws_s3_bucket.static_site: Still creating... [33m11s elapsed]
aws_s3_bucket.static_site: Still creating... [33m21s elapsed]
aws_s3_bucket.static_site: Still creating... [33m31s elapsed]
aws_s3_bucket.static_site: Still creating... [33m41s elapsed]
aws_s3_bucket.static_site: Still creating... [33m51s elapsed]
aws_s3_bucket.static_site: Still creating... [34m01s elapsed]
aws_s3_bucket.static_site: Still creating... [34m11s elapsed]
aws_s3_bucket.static_site: Still creating... [34m21s elapsed]
aws_s3_bucket.static_site: Still creating... [34m31s elapsed]
aws_s3_bucket.static_site: Still creating... [34m41s elapsed]
aws_s3_bucket.static_site: Still creating... [34m51s elapsed]
aws_s3_bucket.static_site: Still creating... [35m01s elapsed]
aws_s3_bucket.static_site: Still creating... [35m11s elapsed]
aws_s3_bucket.static_site: Still creating... [35m21s elapsed]
aws_s3_bucket.static_site: Still creating... [35m31s elapsed]
aws_s3_bucket.static_site: Still creating... [35m41s elapsed]
aws_s3_bucket.static_site: Still creating... [35m51s elapsed]
aws_s3_bucket.static_site: Still creating... [36m01s elapsed]
aws_s3_bucket.static_site: Still creating... [36m11s elapsed]
aws_s3_bucket.static_site: Still creating... [36m21s elapsed]
aws_s3_bucket.static_site: Still creating... [36m31s elapsed]
aws_s3_bucket.static_site: Still creating... [36m41s elapsed]
aws_s3_bucket.static_site: Still creating... [36m51s elapsed]
aws_s3_bucket.static_site: Still creating... [37m01s elapsed]
aws_s3_bucket.static_site: Still creating... [37m11s elapsed]
aws_s3_bucket.static_site: Still creating... [37m21s elapsed]
aws_s3_bucket.static_site: Still creating... [37m31s elapsed]
aws_s3_bucket.static_site: Still creating... [37m41s elapsed]
aws_s3_bucket.static_site: Still creating... [37m51s elapsed]
aws_s3_bucket.static_site: Still creating... [38m01s elapsed]
aws_s3_bucket.static_site: Still creating... [38m11s elapsed]
aws_s3_bucket.static_site: Still creating... [38m21s elapsed]
aws_s3_bucket.static_site: Still creating... [38m31s elapsed]
aws_s3_bucket.static_site: Still creating... [38m41s elapsed]
aws_s3_bucket.static_site: Still creating... [38m51s elapsed]
aws_s3_bucket.static_site: Still creating... [39m01s elapsed]
aws_s3_bucket.static_site: Still creating... [39m11s elapsed]
aws_s3_bucket.static_site: Still creating... [39m21s elapsed]
aws_s3_bucket.static_site: Still creating... [39m31s elapsed]
aws_s3_bucket.static_site: Still creating... [39m41s elapsed]
aws_s3_bucket.static_site: Still creating... [39m51s elapsed]
aws_s3_bucket.static_site: Still creating... [40m01s elapsed]
aws_s3_bucket.static_site: Still creating... [40m11s elapsed]
aws_s3_bucket.static_site: Still creating... [40m21s elapsed]
aws_s3_bucket.static_site: Still creating... [40m31s elapsed]
aws_s3_bucket.static_site: Still creating... [40m41s elapsed]
aws_s3_bucket.static_site: Still creating... [40m51s elapsed]
aws_s3_bucket.static_site: Still creating... [41m01s elapsed]
aws_s3_bucket.static_site: Still creating... [41m11s elapsed]
aws_s3_bucket.static_site: Still creating... [41m21s elapsed]
aws_s3_bucket.static_site: Still creating... [41m31s elapsed]
aws_s3_bucket.static_site: Still creating... [41m41s elapsed]
aws_s3_bucket.static_site: Still creating... [41m51s elapsed]
aws_s3_bucket.static_site: Still creating... [42m01s elapsed]
aws_s3_bucket.static_site: Still creating... [42m11s elapsed]
aws_s3_bucket.static_site: Still creating... [42m21s elapsed]
aws_s3_bucket.static_site: Still creating... [42m31s elapsed]
aws_s3_bucket.static_site: Still creating... [42m41s elapsed]
aws_s3_bucket.static_site: Still creating... [42m51s elapsed]
aws_s3_bucket.static_site: Still creating... [43m01s elapsed]
aws_s3_bucket.static_site: Still creating... [43m11s elapsed]
aws_s3_bucket.static_site: Still creating... [43m21s elapsed]
aws_s3_bucket.static_site: Still creating... [43m31s elapsed]
aws_s3_bucket.static_site: Still creating... [43m41s elapsed]
aws_s3_bucket.static_site: Still creating... [43m51s elapsed]
aws_s3_bucket.static_site: Still creating... [44m01s elapsed]
aws_s3_bucket.static_site: Still creating... [44m11s elapsed]
aws_s3_bucket.static_site: Still creating... [44m21s elapsed]
aws_s3_bucket.static_site: Still creating... [44m31s elapsed]
aws_s3_bucket.static_site: Still creating... [44m41s elapsed]
aws_s3_bucket.static_site: Still creating... [44m51s elapsed]
aws_s3_bucket.static_site: Still creating... [45m01s elapsed]
aws_s3_bucket.static_site: Still creating... [45m11s elapsed]
aws_s3_bucket.static_site: Still creating... [45m21s elapsed]
aws_s3_bucket.static_site: Still creating... [45m31s elapsed]
aws_s3_bucket.static_site: Still creating... [45m41s elapsed]
aws_s3_bucket.static_site: Still creating... [45m51s elapsed]
aws_s3_bucket.static_site: Still creating... [46m01s elapsed]
aws_s3_bucket.static_site: Still creating... [46m11s elapsed]
aws_s3_bucket.static_site: Still creating... [46m21s elapsed]
aws_s3_bucket.static_site: Still creating... [46m31s elapsed]
aws_s3_bucket.static_site: Still creating... [46m41s elapsed]
aws_s3_bucket.static_site: Still creating... [46m51s elapsed]
aws_s3_bucket.static_site: Still creating... [47m01s elapsed]
aws_s3_bucket.static_site: Still creating... [47m11s elapsed]
aws_s3_bucket.static_site: Still creating... [47m21s elapsed]
aws_s3_bucket.static_site: Still creating... [47m31s elapsed]
aws_s3_bucket.static_site: Still creating... [47m41s elapsed]
aws_s3_bucket.static_site: Still creating... [47m51s elapsed]
aws_s3_bucket.static_site: Still creating... [48m01s elapsed]
aws_s3_bucket.static_site: Still creating... [48m11s elapsed]
aws_s3_bucket.static_site: Still creating... [48m21s elapsed]
aws_s3_bucket.static_site: Still creating... [48m31s elapsed]
aws_s3_bucket.static_site: Still creating... [48m41s elapsed]
aws_s3_bucket.static_site: Still creating... [48m51s elapsed]
aws_s3_bucket.static_site: Still creating... [49m01s elapsed]
aws_s3_bucket.static_site: Still creating... [49m11s elapsed]
aws_s3_bucket.static_site: Still creating... [49m21s elapsed]
aws_s3_bucket.static_site: Still creating... [49m31s elapsed]
aws_s3_bucket.static_site: Still creating... [49m41s elapsed]
aws_s3_bucket.static_site: Still creating... [49m51s elapsed]
aws_s3_bucket.static_site: Still creating... [50m01s elapsed]
aws_s3_bucket.static_site: Still creating... [50m11s elapsed]
aws_s3_bucket.static_site: Still creating... [50m21s elapsed]
aws_s3_bucket.static_site: Still creating... [50m31s elapsed]
aws_s3_bucket.static_site: Still creating... [50m41s elapsed]
aws_s3_bucket.static_site: Still creating... [50m51s elapsed]
aws_s3_bucket.static_site: Still creating... [51m01s elapsed]
aws_s3_bucket.static_site: Still creating... [51m11s elapsed]
aws_s3_bucket.static_site: Still creating... [51m21s elapsed]
aws_s3_bucket.static_site: Still creating... [51m31s elapsed]
aws_s3_bucket.static_site: Still creating... [51m41s elapsed]
aws_s3_bucket.static_site: Still creating... [51m51s elapsed]
aws_s3_bucket.static_site: Still creating... [52m01s elapsed]
aws_s3_bucket.static_site: Still creating... [52m11s elapsed]
aws_s3_bucket.static_site: Still creating... [52m21s elapsed]
aws_s3_bucket.static_site: Still creating... [52m31s elapsed]
aws_s3_bucket.static_site: Still creating... [52m41s elapsed]
aws_s3_bucket.static_site: Still creating... [52m51s elapsed]
aws_s3_bucket.static_site: Still creating... [53m01s elapsed]
aws_s3_bucket.static_site: Still creating... [53m11s elapsed]
aws_s3_bucket.static_site: Still creating... [53m21s elapsed]
aws_s3_bucket.static_site: Still creating... [53m31s elapsed]
aws_s3_bucket.static_site: Still creating... [53m41s elapsed]
aws_s3_bucket.static_site: Still creating... [53m51s elapsed]
aws_s3_bucket.static_site: Still creating... [54m01s elapsed]
aws_s3_bucket.static_site: Still creating... [54m11s elapsed]
aws_s3_bucket.static_site: Still creating... [54m21s elapsed]
aws_s3_bucket.static_site: Still creating... [54m31s elapsed]
aws_s3_bucket.static_site: Still creating... [54m41s elapsed]
aws_s3_bucket.static_site: Still creating... [54m51s elapsed]
aws_s3_bucket.static_site: Still creating... [55m01s elapsed]
aws_s3_bucket.static_site: Still creating... [55m11s elapsed]
aws_s3_bucket.static_site: Still creating... [55m21s elapsed]
aws_s3_bucket.static_site: Still creating... [55m31s elapsed]
aws_s3_bucket.static_site: Still creating... [55m41s elapsed]
aws_s3_bucket.static_site: Still creating... [55m51s elapsed]
aws_s3_bucket.static_site: Still creating... [56m01s elapsed]
aws_s3_bucket.static_site: Still creating... [56m11s elapsed]
aws_s3_bucket.static_site: Still creating... [56m21s elapsed]
aws_s3_bucket.static_site: Still creating... [56m31s elapsed]
aws_s3_bucket.static_site: Still creating... [56m41s elapsed]
aws_s3_bucket.static_site: Still creating... [56m51s elapsed]
aws_s3_bucket.static_site: Still creating... [57m01s elapsed]
aws_s3_bucket.static_site: Still creating... [57m11s elapsed]
aws_s3_bucket.static_site: Still creating... [57m21s elapsed]
aws_s3_bucket.static_site: Still creating... [57m31s elapsed]
aws_s3_bucket.static_site: Still creating... [57m41s elapsed]
aws_s3_bucket.static_site: Still creating... [57m51s elapsed]
aws_s3_bucket.static_site: Still creating... [58m01s elapsed]
aws_s3_bucket.static_site: Still creating... [58m11s elapsed]
aws_s3_bucket.static_site: Still creating... [58m21s elapsed]
aws_s3_bucket.static_site: Still creating... [58m31s elapsed]
aws_s3_bucket.static_site: Still creating... [58m41s elapsed]
aws_s3_bucket.static_site: Still creating... [58m51s elapsed]
aws_s3_bucket.static_site: Still creating... [59m01s elapsed]
aws_s3_bucket.static_site: Still creating... [59m11s elapsed]
aws_s3_bucket.static_site: Still creating... [59m21s elapsed]
aws_s3_bucket.static_site: Still creating... [59m31s elapsed]
aws_s3_bucket.static_site: Still creating... [59m41s elapsed]
aws_s3_bucket.static_site: Still creating... [59m51s elapsed]
aws_s3_bucket.static_site: Still creating... [60m01s elapsed]
aws_s3_bucket.static_site: Still creating... [60m11s elapsed]
aws_s3_bucket.static_site: Still creating... [60m21s elapsed]
aws_s3_bucket.static_site: Still creating... [60m31s elapsed]
aws_s3_bucket.static_site: Still creating... [60m41s elapsed]
aws_s3_bucket.static_site: Still creating... [60m51s elapsed]
aws_s3_bucket.static_site: Still creating... [61m01s elapsed]
aws_s3_bucket.static_site: Still creating... [61m11s elapsed]
aws_s3_bucket.static_site: Still creating... [61m21s elapsed]
aws_s3_bucket.static_site: Still creating... [61m31s elapsed]
aws_s3_bucket.static_site: Still creating... [61m41s elapsed]
aws_s3_bucket.static_site: Still creating... [61m51s elapsed]
aws_s3_bucket.static_site: Still creating... [62m01s elapsed]
aws_s3_bucket.static_site: Still creating... [62m11s elapsed]
aws_s3_bucket.static_site: Still creating... [62m21s elapsed]
aws_s3_bucket.static_site: Still creating... [62m31s elapsed]
aws_s3_bucket.static_site: Still creating... [62m41s elapsed]
aws_s3_bucket.static_site: Still creating... [62m51s elapsed]
aws_s3_bucket.static_site: Still creating... [63m01s elapsed]
aws_s3_bucket.static_site: Still creating... [63m11s elapsed]
aws_s3_bucket.static_site: Still creating... [63m21s elapsed]
aws_s3_bucket.static_site: Still creating... [63m31s elapsed]
aws_s3_bucket.static_site: Still creating... [63m41s elapsed]
aws_s3_bucket.static_site: Still creating... [63m51s elapsed]
aws_s3_bucket.static_site: Still creating... [64m01s elapsed]
aws_s3_bucket.static_site: Still creating... [64m11s elapsed]
aws_s3_bucket.static_site: Still creating... [64m21s elapsed]
aws_s3_bucket.static_site: Still creating... [64m31s elapsed]
aws_s3_bucket.static_site: Still creating... [64m41s elapsed]
aws_s3_bucket.static_site: Still creating... [64m51s elapsed]
aws_s3_bucket.static_site: Still creating... [65m01s elapsed]
aws_s3_bucket.static_site: Still creating... [65m11s elapsed]
aws_s3_bucket.static_site: Still creating... [65m21s elapsed]
aws_s3_bucket.static_site: Still creating... [65m31s elapsed]
aws_s3_bucket.static_site: Still creating... [65m41s elapsed]
aws_s3_bucket.static_site: Still creating... [65m51s elapsed]
aws_s3_bucket.static_site: Still creating... [66m01s elapsed]
aws_s3_bucket.static_site: Still creating... [66m11s elapsed]
aws_s3_bucket.static_site: Still creating... [66m21s elapsed]
aws_s3_bucket.static_site: Still creating... [66m31s elapsed]
aws_s3_bucket.static_site: Still creating... [66m41s elapsed]
aws_s3_bucket.static_site: Still creating... [66m51s elapsed]
aws_s3_bucket.static_site: Still creating... [67m02s elapsed]
aws_s3_bucket.static_site: Still creating... [67m12s elapsed]
aws_s3_bucket.static_site: Still creating... [67m22s elapsed]
aws_s3_bucket.static_site: Still creating... [67m32s elapsed]
aws_s3_bucket.static_site: Still creating... [67m42s elapsed]
aws_s3_bucket.static_site: Still creating... [67m52s elapsed]
aws_s3_bucket.static_site: Still creating... [68m02s elapsed]
aws_s3_bucket.static_site: Still creating... [68m12s elapsed]
aws_s3_bucket.static_site: Still creating... [68m22s elapsed]
aws_s3_bucket.static_site: Still creating... [68m32s elapsed]
aws_s3_bucket.static_site: Still creating... [68m42s elapsed]
aws_s3_bucket.static_site: Still creating... [68m52s elapsed]
aws_s3_bucket.static_site: Still creating... [69m02s elapsed]
aws_s3_bucket.static_site: Still creating... [69m12s elapsed]
aws_s3_bucket.static_site: Still creating... [69m22s elapsed]
aws_s3_bucket.static_site: Still creating... [69m32s elapsed]
aws_s3_bucket.static_site: Still creating... [69m42s elapsed]
aws_s3_bucket.static_site: Still creating... [69m52s elapsed]
aws_s3_bucket.static_site: Still creating... [70m02s elapsed]
aws_s3_bucket.static_site: Still creating... [70m12s elapsed]
aws_s3_bucket.static_site: Still creating... [70m22s elapsed]
aws_s3_bucket.static_site: Still creating... [70m32s elapsed]
aws_s3_bucket.static_site: Still creating... [70m42s elapsed]
aws_s3_bucket.static_site: Still creating... [70m52s elapsed]
aws_s3_bucket.static_site: Still creating... [71m02s elapsed]
aws_s3_bucket.static_site: Still creating... [71m12s elapsed]
aws_s3_bucket.static_site: Still creating... [71m22s elapsed]
aws_s3_bucket.static_site: Still creating... [71m32s elapsed]
aws_s3_bucket.static_site: Still creating... [71m42s elapsed]
aws_s3_bucket.static_site: Still creating... [71m52s elapsed]
aws_s3_bucket.static_site: Still creating... [72m02s elapsed]
aws_s3_bucket.static_site: Still creating... [72m12s elapsed]
aws_s3_bucket.static_site: Still creating... [72m22s elapsed]
aws_s3_bucket.static_site: Still creating... [72m32s elapsed]
aws_s3_bucket.static_site: Still creating... [72m42s elapsed]
aws_s3_bucket.static_site: Still creating... [72m52s elapsed]
aws_s3_bucket.static_site: Still creating... [73m02s elapsed]
aws_s3_bucket.static_site: Still creating... [73m12s elapsed]
aws_s3_bucket.static_site: Still creating... [73m22s elapsed]
aws_s3_bucket.static_site: Still creating... [73m32s elapsed]
aws_s3_bucket.static_site: Still creating... [73m42s elapsed]
aws_s3_bucket.static_site: Still creating... [73m52s elapsed]
aws_s3_bucket.static_site: Still creating... [74m02s elapsed]
aws_s3_bucket.static_site: Still creating... [74m12s elapsed]
aws_s3_bucket.static_site: Still creating... [74m22s elapsed]
aws_s3_bucket.static_site: Still creating... [74m32s elapsed]
aws_s3_bucket.static_site: Still creating... [74m42s elapsed]
aws_s3_bucket.static_site: Still creating... [74m52s elapsed]
aws_s3_bucket.static_site: Still creating... [75m02s elapsed]
aws_s3_bucket.static_site: Still creating... [75m12s elapsed]
aws_s3_bucket.static_site: Still creating... [75m22s elapsed]
aws_s3_bucket.static_site: Still creating... [75m32s elapsed]
aws_s3_bucket.static_site: Still creating... [75m42s elapsed]
aws_s3_bucket.static_site: Still creating... [75m52s elapsed]
aws_s3_bucket.static_site: Still creating... [76m02s elapsed]
aws_s3_bucket.static_site: Still creating... [76m12s elapsed]
aws_s3_bucket.static_site: Still creating... [76m22s elapsed]
aws_s3_bucket.static_site: Still creating... [76m32s elapsed]
aws_s3_bucket.static_site: Still creating... [76m42s elapsed]
aws_s3_bucket.static_site: Still creating... [76m52s elapsed]
aws_s3_bucket.static_site: Still creating... [77m02s elapsed]
aws_s3_bucket.static_site: Still creating... [77m12s elapsed]
aws_s3_bucket.static_site: Still creating... [77m22s elapsed]
aws_s3_bucket.static_site: Still creating... [77m32s elapsed]
aws_s3_bucket.static_site: Still creating... [77m42s elapsed]
aws_s3_bucket.static_site: Still creating... [77m52s elapsed]
aws_s3_bucket.static_site: Still creating... [78m02s elapsed]
aws_s3_bucket.static_site: Still creating... [78m12s elapsed]
aws_s3_bucket.static_site: Still creating... [78m22s elapsed]
aws_s3_bucket.static_site: Still creating... [78m32s elapsed]
aws_s3_bucket.static_site: Still creating... [78m42s elapsed]
aws_s3_bucket.static_site: Still creating... [78m52s elapsed]
aws_s3_bucket.static_site: Still creating... [79m02s elapsed]
aws_s3_bucket.static_site: Still creating... [79m12s elapsed]
aws_s3_bucket.static_site: Still creating... [79m22s elapsed]
aws_s3_bucket.static_site: Still creating... [79m32s elapsed]
aws_s3_bucket.static_site: Still creating... [79m42s elapsed]
aws_s3_bucket.static_site: Still creating... [79m52s elapsed]
aws_s3_bucket.static_site: Still creating... [80m02s elapsed]
aws_s3_bucket.static_site: Still creating... [80m12s elapsed]
aws_s3_bucket.static_site: Still creating... [80m22s elapsed]
aws_s3_bucket.static_site: Still creating... [80m32s elapsed]
aws_s3_bucket.static_site: Still creating... [80m42s elapsed]
aws_s3_bucket.static_site: Still creating... [80m52s elapsed]
aws_s3_bucket.static_site: Still creating... [81m02s elapsed]
aws_s3_bucket.static_site: Still creating... [81m12s elapsed]
aws_s3_bucket.static_site: Still creating... [81m22s elapsed]
aws_s3_bucket.static_site: Still creating... [81m32s elapsed]
aws_s3_bucket.static_site: Still creating... [81m42s elapsed]
aws_s3_bucket.static_site: Still creating... [81m52s elapsed]
aws_s3_bucket.static_site: Still creating... [82m02s elapsed]
aws_s3_bucket.static_site: Still creating... [82m12s elapsed]
aws_s3_bucket.static_site: Still creating... [82m22s elapsed]
aws_s3_bucket.static_site: Still creating... [82m32s elapsed]
aws_s3_bucket.static_site: Still creating... [82m42s elapsed]
aws_s3_bucket.static_site: Still creating... [82m52s elapsed]
aws_s3_bucket.static_site: Still creating... [83m02s elapsed]
aws_s3_bucket.static_site: Still creating... [83m12s elapsed]
aws_s3_bucket.static_site: Still creating... [83m22s elapsed]
aws_s3_bucket.static_site: Still creating... [83m32s elapsed]
aws_s3_bucket.static_site: Still creating... [83m42s elapsed]
aws_s3_bucket.static_site: Still creating... [83m52s elapsed]
aws_s3_bucket.static_site: Still creating... [84m02s elapsed]
aws_s3_bucket.static_site: Still creating... [84m12s elapsed]
aws_s3_bucket.static_site: Still creating... [84m22s elapsed]
aws_s3_bucket.static_site: Still creating... [84m32s elapsed]
aws_s3_bucket.static_site: Still creating... [84m42s elapsed]
aws_s3_bucket.static_site: Still creating... [84m52s elapsed]
aws_s3_bucket.static_site: Still creating... [85m02s elapsed]
aws_s3_bucket.static_site: Still creating... [85m12s elapsed]
aws_s3_bucket.static_site: Still creating... [85m22s elapsed]
aws_s3_bucket.static_site: Still creating... [85m32s elapsed]
aws_s3_bucket.static_site: Still creating... [85m42s elapsed]
aws_s3_bucket.static_site: Still creating... [85m52s elapsed]
aws_s3_bucket.static_site: Still creating... [86m02s elapsed]
aws_s3_bucket.static_site: Still creating... [86m12s elapsed]
aws_s3_bucket.static_site: Still creating... [86m22s elapsed]
aws_s3_bucket.static_site: Still creating... [86m32s elapsed]
aws_s3_bucket.static_site: Still creating... [86m42s elapsed]
aws_s3_bucket.static_site: Still creating... [86m52s elapsed]
aws_s3_bucket.static_site: Still creating... [87m02s elapsed]
aws_s3_bucket.static_site: Still creating... [87m12s elapsed]
aws_s3_bucket.static_site: Still creating... [87m22s elapsed]
aws_s3_bucket.static_site: Still creating... [87m32s elapsed]
aws_s3_bucket.static_site: Still creating... [87m42s elapsed]
aws_s3_bucket.static_site: Still creating... [87m52s elapsed]
aws_s3_bucket.static_site: Still creating... [88m02s elapsed]
aws_s3_bucket.static_site: Still creating... [88m12s elapsed]
aws_s3_bucket.static_site: Still creating... [88m22s elapsed]
aws_s3_bucket.static_site: Still creating... [88m32s elapsed]
aws_s3_bucket.static_site: Still creating... [88m42s elapsed]
aws_s3_bucket.static_site: Still creating... [88m52s elapsed]
aws_s3_bucket.static_site: Still creating... [89m02s elapsed]
aws_s3_bucket.static_site: Still creating... [89m12s elapsed]
aws_s3_bucket.static_site: Still creating... [89m22s elapsed]
aws_s3_bucket.static_site: Still creating... [89m32s elapsed]
aws_s3_bucket.static_site: Still creating... [89m42s elapsed]
aws_s3_bucket.static_site: Still creating... [89m52s elapsed]
aws_s3_bucket.static_site: Still creating... [90m02s elapsed]
aws_s3_bucket.static_site: Still creating... [90m12s elapsed]
aws_s3_bucket.static_site: Still creating... [90m22s elapsed]
aws_s3_bucket.static_site: Still creating... [90m32s elapsed]
aws_s3_bucket.static_site: Still creating... [90m42s elapsed]
aws_s3_bucket.static_site: Still creating... [90m52s elapsed]
aws_s3_bucket.static_site: Still creating... [91m02s elapsed]
aws_s3_bucket.static_site: Still creating... [91m12s elapsed]
aws_s3_bucket.static_site: Still creating... [91m22s elapsed]
aws_s3_bucket.static_site: Still creating... [91m32s elapsed]
aws_s3_bucket.static_site: Still creating... [91m42s elapsed]
aws_s3_bucket.static_site: Still creating... [91m52s elapsed]
aws_s3_bucket.static_site: Still creating... [92m02s elapsed]
aws_s3_bucket.static_site: Still creating... [92m12s elapsed]
aws_s3_bucket.static_site: Still creating... [92m22s elapsed]
aws_s3_bucket.static_site: Still creating... [92m32s elapsed]
aws_s3_bucket.static_site: Still creating... [92m42s elapsed]
aws_s3_bucket.static_site: Still creating... [92m52s elapsed]
aws_s3_bucket.static_site: Still creating... [93m02s elapsed]
aws_s3_bucket.static_site: Still creating... [93m12s elapsed]
aws_s3_bucket.static_site: Still creating... [93m22s elapsed]
aws_s3_bucket.static_site: Still creating... [93m32s elapsed]
aws_s3_bucket.static_site: Still creating... [93m42s elapsed]
aws_s3_bucket.static_site: Still creating... [93m52s elapsed]
aws_s3_bucket.static_site: Still creating... [94m02s elapsed]
aws_s3_bucket.static_site: Still creating... [94m12s elapsed]
aws_s3_bucket.static_site: Still creating... [94m22s elapsed]
aws_s3_bucket.static_site: Still creating... [94m32s elapsed]
aws_s3_bucket.static_site: Still creating... [94m42s elapsed]
aws_s3_bucket.static_site: Still creating... [94m52s elapsed]
aws_s3_bucket.static_site: Still creating... [95m02s elapsed]
aws_s3_bucket.static_site: Still creating... [95m12s elapsed]
aws_s3_bucket.static_site: Still creating... [95m22s elapsed]
aws_s3_bucket.static_site: Still creating... [95m32s elapsed]
aws_s3_bucket.static_site: Still creating... [95m42s elapsed]
aws_s3_bucket.static_site: Still creating... [95m52s elapsed]
aws_s3_bucket.static_site: Still creating... [96m02s elapsed]
aws_s3_bucket.static_site: Still creating... [96m12s elapsed]
aws_s3_bucket.static_site: Still creating... [96m22s elapsed]
aws_s3_bucket.static_site: Still creating... [96m32s elapsed]
aws_s3_bucket.static_site: Still creating... [96m42s elapsed]
aws_s3_bucket.static_site: Still creating... [96m52s elapsed]
aws_s3_bucket.static_site: Still creating... [97m02s elapsed]
aws_s3_bucket.static_site: Still creating... [97m12s elapsed]
aws_s3_bucket.static_site: Still creating... [97m22s elapsed]
aws_s3_bucket.static_site: Still creating... [97m32s elapsed]
aws_s3_bucket.static_site: Still creating... [97m42s elapsed]
aws_s3_bucket.static_site: Still creating... [97m52s elapsed]
aws_s3_bucket.static_site: Still creating... [98m02s elapsed]
aws_s3_bucket.static_site: Still creating... [98m12s elapsed]
aws_s3_bucket.static_site: Still creating... [98m22s elapsed]
aws_s3_bucket.static_site: Still creating... [98m32s elapsed]
aws_s3_bucket.static_site: Still creating... [98m42s elapsed]
aws_s3_bucket.static_site: Still creating... [98m52s elapsed]
aws_s3_bucket.static_site: Still creating... [99m02s elapsed]
aws_s3_bucket.static_site: Still creating... [99m12s elapsed]
aws_s3_bucket.static_site: Still creating... [99m22s elapsed]
aws_s3_bucket.static_site: Still creating... [99m32s elapsed]
aws_s3_bucket.static_site: Still creating... [99m42s elapsed]
aws_s3_bucket.static_site: Still creating... [99m52s elapsed]
aws_s3_bucket.static_site: Still creating... [100m02s elapsed]
aws_s3_bucket.static_site: Still creating... [100m12s elapsed]

Warning: Argument is deprecated

  with aws_s3_bucket.static_site,
  on main.tf line 1, in resource "aws_s3_bucket" "static_site":
   1: resource "aws_s3_bucket" "static_site" {

website is deprecated. Use the aws_s3_bucket_website_configuration resource
instead.

(and 15 more similar warnings elsewhere)

Warning: Deprecated attribute

  on outputs.tf line 8, in output "s3_bucket_website_url":
   8:   value       = aws_s3_bucket.static_site.website_endpoint

The attribute "website_endpoint" is deprecated. Refer to the provider
documentation for details.

(and one more similar warning elsewhere)

Warning: Deprecated Resource

  with aws_s3_bucket_object.index_html,
  on static_assets.tf line 1, in resource "aws_s3_bucket_object" "index_html":
   1: resource "aws_s3_bucket_object" "index_html" {

use the aws_s3_object resource instead

(and 9 more similar warnings elsewhere)
