
Terraform used the selected providers to generate the following execution
plan. Resource actions are indicated with the following symbols:
  + create
 <= read (data resources)

Terraform will perform the following actions:

  # data.aws_iam_policy_document.s3_policy will be read during apply
  # (config refers to values not yet known)
 <= data "aws_iam_policy_document" "s3_policy" {
      + id            = (known after apply)
      + json          = (known after apply)
      + minified_json = (known after apply)

      + statement {
          + actions   = [
              + "s3:GetObject",
            ]
          + effect    = "Allow"
          + resources = [
              + (known after apply),
            ]

          + principals {
              + identifiers = [
                  + "*",
                ]
              + type        = "*"
            }
        }
    }

  # aws_s3_bucket.static_site will be created
  + resource "aws_s3_bucket" "static_site" {
      + acceleration_status         = (known after apply)
      + acl                         = "public-read"
      + arn                         = (known after apply)
      + bucket                      = (known after apply)
      + bucket_domain_name          = (known after apply)
      + bucket_prefix               = (known after apply)
      + bucket_region               = (known after apply)
      + bucket_regional_domain_name = (known after apply)
      + force_destroy               = false
      + hosted_zone_id              = (known after apply)
      + id                          = (known after apply)
      + object_lock_enabled         = (known after apply)
      + policy                      = (known after apply)
      + region                      = "us-east-1"
      + request_payer               = (known after apply)
      + tags                        = {
          + "Environment" = "dev"
          + "Name"        = "dinosaur-game"
        }
      + tags_all                    = {
          + "Environment" = "dev"
          + "Name"        = "dinosaur-game"
        }
      + website_domain              = (known after apply)
      + website_endpoint            = (known after apply)

      + cors_rule (known after apply)

      + grant (known after apply)

      + lifecycle_rule (known after apply)

      + logging (known after apply)

      + object_lock_configuration (known after apply)

      + replication_configuration (known after apply)

      + server_side_encryption_configuration (known after apply)

      + versioning (known after apply)

      + website {
          + error_document = "index.html"
          + index_document = "index.html"
        }
    }

  # aws_s3_bucket_object.cactus_png will be created
  + resource "aws_s3_bucket_object" "cactus_png" {
      + acl                    = "public-read"
      + arn                    = (known after apply)
      + bucket                 = (known after apply)
      + bucket_key_enabled     = (known after apply)
      + content_type           = "image/png"
      + etag                   = (known after apply)
      + force_destroy          = false
      + id                     = (known after apply)
      + key                    = "images/cactus.png"
      + kms_key_id             = (known after apply)
      + region                 = "us-east-1"
      + server_side_encryption = (known after apply)
      + source                 = "../images/cactus.png"
      + storage_class          = (known after apply)
      + tags_all               = (known after apply)
      + version_id             = (known after apply)
    }

  # aws_s3_bucket_object.dinosaur_png will be created
  + resource "aws_s3_bucket_object" "dinosaur_png" {
      + acl                    = "public-read"
      + arn                    = (known after apply)
      + bucket                 = (known after apply)
      + bucket_key_enabled     = (known after apply)
      + content_type           = "image/png"
      + etag                   = (known after apply)
      + force_destroy          = false
      + id                     = (known after apply)
      + key                    = "images/dinosaur.png"
      + kms_key_id             = (known after apply)
      + region                 = "us-east-1"
      + server_side_encryption = (known after apply)
      + source                 = "../images/dinosaur.png"
      + storage_class          = (known after apply)
      + tags_all               = (known after apply)
      + version_id             = (known after apply)
    }

  # aws_s3_bucket_object.index_html will be created
  + resource "aws_s3_bucket_object" "index_html" {
      + acl                    = "public-read"
      + arn                    = (known after apply)
      + bucket                 = (known after apply)
      + bucket_key_enabled     = (known after apply)
      + content_type           = "text/html"
      + etag                   = (known after apply)
      + force_destroy          = false
      + id                     = (known after apply)
      + key                    = "index.html"
      + kms_key_id             = (known after apply)
      + region                 = "us-east-1"
      + server_side_encryption = (known after apply)
      + source                 = "../index.html"
      + storage_class          = (known after apply)
      + tags_all               = (known after apply)
      + version_id             = (known after apply)
    }

  # aws_s3_bucket_object.script_js will be created
  + resource "aws_s3_bucket_object" "script_js" {
      + acl                    = "public-read"
      + arn                    = (known after apply)
      + bucket                 = (known after apply)
      + bucket_key_enabled     = (known after apply)
      + content_type           = "application/javascript"
      + etag                   = (known after apply)
      + force_destroy          = false
      + id                     = (known after apply)
      + key                    = "script.js"
      + kms_key_id             = (known after apply)
      + region                 = "us-east-1"
      + server_side_encryption = (known after apply)
      + source                 = "../script.js"
      + storage_class          = (known after apply)
      + tags_all               = (known after apply)
      + version_id             = (known after apply)
    }

  # aws_s3_bucket_object.style_css will be created
  + resource "aws_s3_bucket_object" "style_css" {
      + acl                    = "public-read"
      + arn                    = (known after apply)
      + bucket                 = (known after apply)
      + bucket_key_enabled     = (known after apply)
      + content_type           = "text/css"
      + etag                   = (known after apply)
      + force_destroy          = false
      + id                     = (known after apply)
      + key                    = "style.css"
      + kms_key_id             = (known after apply)
      + region                 = "us-east-1"
      + server_side_encryption = (known after apply)
      + source                 = "../style.css"
      + storage_class          = (known after apply)
      + tags_all               = (known after apply)
      + version_id             = (known after apply)
    }

  # aws_s3_bucket_policy.static_site_policy will be created
  + resource "aws_s3_bucket_policy" "static_site_policy" {
      + bucket = (known after apply)
      + id     = (known after apply)
      + policy = (known after apply)
      + region = "us-east-1"
    }

  # random_id.suffix will be created
  + resource "random_id" "suffix" {
      + b64_std     = (known after apply)
      + b64_url     = (known after apply)
      + byte_length = 4
      + dec         = (known after apply)
      + hex         = (known after apply)
      + id          = (known after apply)
    }

Plan: 8 to add, 0 to change, 0 to destroy.

Changes to Outputs:
  + s3_bucket_name        = (known after apply)
  + s3_bucket_website_url = (known after apply)

Warning: Argument is deprecated

  with aws_s3_bucket.static_site,
  on main.tf line 1, in resource "aws_s3_bucket" "static_site":
   1: resource "aws_s3_bucket" "static_site" {

website is deprecated. Use the aws_s3_bucket_website_configuration resource
instead.

(and 6 more similar warnings elsewhere)

Warning: Deprecated attribute

  on outputs.tf line 8, in output "s3_bucket_website_url":
   8:   value       = aws_s3_bucket.static_site.website_endpoint

The attribute "website_endpoint" is deprecated. Refer to the provider
documentation for details.

Warning: Deprecated Resource

  with aws_s3_bucket_object.index_html,
  on static_assets.tf line 1, in resource "aws_s3_bucket_object" "index_html":
   1: resource "aws_s3_bucket_object" "index_html" {

use the aws_s3_object resource instead

(and 4 more similar warnings elsewhere)
