{"format_version":"1.2","terraform_version":"1.13.5","variables":{"app_name":{"value":"dinosaur-game"},"aws_region":{"value":"us-east-1"}},"planned_values":{"outputs":{"s3_bucket_name":{"sensitive":false},"s3_bucket_website_url":{"sensitive":false}},"root_module":{"resources":[{"address":"aws_s3_bucket.static_site","mode":"managed","type":"aws_s3_bucket","name":"static_site","provider_name":"registry.terraform.io/hashicorp/aws","schema_version":0,"values":{"acl":"public-read","force_destroy":false,"region":"us-east-1","tags":{"Environment":"dev","Name":"dinosaur-game"},"tags_all":{"Environment":"dev","Name":"dinosaur-game"},"timeouts":null,"website":[{"error_document":"index.html","index_document":"index.html","redirect_all_requests_to":null,"routing_rules":null}]},"sensitive_values":{"cors_rule":[],"grant":[],"lifecycle_rule":[],"logging":[],"object_lock_configuration":[],"replication_configuration":[],"server_side_encryption_configuration":[],"tags":{},"tags_all":{},"versioning":[],"website":[{}]},"identity_schema_version":0,"identity":{"account_id":null,"bucket":null,"region":null}},{"address":"aws_s3_bucket_object.cactus_png","mode":"managed","type":"aws_s3_bucket_object","name":"cactus_png","provider_name":"registry.terraform.io/hashicorp/aws","schema_version":0,"values":{"acl":"public-read","cache_control":null,"content":null,"content_base64":null,"content_disposition":null,"content_encoding":null,"content_language":null,"content_type":"image/png","force_destroy":false,"key":"images/cactus.png","metadata":null,"object_lock_legal_hold_status":null,"object_lock_mode":null,"object_lock_retain_until_date":null,"region":"us-east-1","source":"../images/cactus.png","source_hash":null,"tags":null,"website_redirect":null},"sensitive_values":{"tags_all":{}},"identity_schema_version":0,"identity":{"account_id":null,"bucket":null,"key":null,"region":null}},{"address":"aws_s3_bucket_object.dinosaur_png","mode":"managed","type":"aws_s3_bucket_object","name":"dinosaur_png","provider_name":"registry.terraform.io/hashicorp/aws","schema_version":0,"values":{"acl":"public-read","cache_control":null,"content":null,"content_base64":null,"content_disposition":null,"content_encoding":null,"content_language":null,"content_type":"image/png","force_destroy":false,"key":"images/dinosaur.png","metadata":null,"object_lock_legal_hold_status":null,"object_lock_mode":null,"object_lock_retain_until_date":null,"region":"us-east-1","source":"../images/dinosaur.png","source_hash":null,"tags":null,"website_redirect":null},"sensitive_values":{"tags_all":{}},"identity_schema_version":0,"identity":{"account_id":null,"bucket":null,"key":null,"region":null}},{"address":"aws_s3_bucket_object.index_html","mode":"managed","type":"aws_s3_bucket_object","name":"index_html","provider_name":"registry.terraform.io/hashicorp/aws","schema_version":0,"values":{"acl":"public-read","cache_control":null,"content":null,"content_base64":null,"content_disposition":null,"content_encoding":null,"content_language":null,"content_type":"text/html","force_destroy":false,"key":"index.html","metadata":null,"object_lock_legal_hold_status":null,"object_lock_mode":null,"object_lock_retain_until_date":null,"region":"us-east-1","source":"../index.html","source_hash":null,"tags":null,"website_redirect":null},"sensitive_values":{"tags_all":{}},"identity_schema_version":0,"identity":{"account_id":null,"bucket":null,"key":null,"region":null}},{"address":"aws_s3_bucket_object.script_js","mode":"managed","type":"aws_s3_bucket_object","name":"script_js","provider_name":"registry.terraform.io/hashicorp/aws","schema_version":0,"values":{"acl":"public-read","cache_control":null,"content":null,"content_base64":null,"content_disposition":null,"content_encoding":null,"content_language":null,"content_type":"application/javascript","force_destroy":false,"key":"script.js","metadata":null,"object_lock_legal_hold_status":null,"object_lock_mode":null,"object_lock_retain_until_date":null,"region":"us-east-1","source":"../script.js","source_hash":null,"tags":null,"website_redirect":null},"sensitive_values":{"tags_all":{}},"identity_schema_version":0,"identity":{"account_id":null,"bucket":null,"key":null,"region":null}},{"address":"aws_s3_bucket_object.style_css","mode":"managed","type":"aws_s3_bucket_object","name":"style_css","provider_name":"registry.terraform.io/hashicorp/aws","schema_version":0,"values":{"acl":"public-read","cache_control":null,"content":null,"content_base64":null,"content_disposition":null,"content_encoding":null,"content_language":null,"content_type":"text/css","force_destroy":false,"key":"style.css","metadata":null,"object_lock_legal_hold_status":null,"object_lock_mode":null,"object_lock_retain_until_date":null,"region":"us-east-1","source":"../style.css","source_hash":null,"tags":null,"website_redirect":null},"sensitive_values":{"tags_all":{}},"identity_schema_version":0,"identity":{"account_id":null,"bucket":null,"key":null,"region":null}},{"address":"aws_s3_bucket_policy.static_site_policy","mode":"managed","type":"aws_s3_bucket_policy","name":"static_site_policy","provider_name":"registry.terraform.io/hashicorp/aws","schema_version":0,"values":{"region":"us-east-1"},"sensitive_values":{},"identity_schema_version":0,"identity":{"account_id":null,"bucket":null,"region":null}},{"address":"data.aws_iam_policy_document.s3_policy","mode":"data","type":"aws_iam_policy_document","name":"s3_policy","provider_name":"registry.terraform.io/hashicorp/aws","schema_version":0,"values":{"override_json":null,"override_policy_documents":null,"policy_id":null,"source_json":null,"source_policy_documents":null,"statement":[{"actions":["s3:GetObject"],"condition":[],"effect":"Allow","not_actions":null,"not_principals":[],"not_resources":null,"principals":[{"identifiers":["*"],"type":"*"}],"resources":[null],"sid":null}],"version":null},"sensitive_values":{"statement":[{"actions":[false],"condition":[],"not_principals":[],"principals":[{"identifiers":[false]}],"resources":[false]}]}},{"address":"random_id.suffix","mode":"managed","type":"random_id","name":"suffix","provider_name":"registry.terraform.io/hashicorp/random","schema_version":0,"values":{"byte_length":4,"keepers":null,"prefix":null},"sensitive_values":{}}]}},"resource_changes":[{"address":"data.aws_iam_policy_document.s3_policy","mode":"data","type":"aws_iam_policy_document","name":"s3_policy","provider_name":"registry.terraform.io/hashicorp/aws","change":{"actions":["read"],"before":null,"after":{"override_json":null,"override_policy_documents":null,"policy_id":null,"source_json":null,"source_policy_documents":null,"statement":[{"actions":["s3:GetObject"],"condition":[],"effect":"Allow","not_actions":null,"not_principals":[],"not_resources":null,"principals":[{"identifiers":["*"],"type":"*"}],"resources":[null],"sid":null}],"version":null},"after_unknown":{"id":true,"json":true,"minified_json":true,"statement":[{"actions":[false],"condition":[],"not_principals":[],"principals":[{"identifiers":[false]}],"resources":[true]}]},"before_sensitive":false,"after_sensitive":{"statement":[{"actions":[false],"condition":[],"not_principals":[],"principals":[{"identifiers":[false]}],"resources":[false]}]}},"action_reason":"read_because_config_unknown"},{"address":"aws_s3_bucket.static_site","mode":"managed","type":"aws_s3_bucket","name":"static_site","provider_name":"registry.terraform.io/hashicorp/aws","change":{"actions":["create"],"before":null,"after":{"acl":"public-read","force_destroy":false,"region":"us-east-1","tags":{"Environment":"dev","Name":"dinosaur-game"},"tags_all":{"Environment":"dev","Name":"dinosaur-game"},"timeouts":null,"website":[{"error_document":"index.html","index_document":"index.html","redirect_all_requests_to":null,"routing_rules":null}]},"after_unknown":{"acceleration_status":true,"arn":true,"bucket":true,"bucket_domain_name":true,"bucket_prefix":true,"bucket_region":true,"bucket_regional_domain_name":true,"cors_rule":true,"grant":true,"hosted_zone_id":true,"id":true,"lifecycle_rule":true,"logging":true,"object_lock_configuration":true,"object_lock_enabled":true,"policy":true,"replication_configuration":true,"request_payer":true,"server_side_encryption_configuration":true,"tags":{},"tags_all":{},"versioning":true,"website":[{}],"website_domain":true,"website_endpoint":true},"before_sensitive":false,"after_sensitive":{"cors_rule":[],"grant":[],"lifecycle_rule":[],"logging":[],"object_lock_configuration":[],"replication_configuration":[],"server_side_encryption_configuration":[],"tags":{},"tags_all":{},"versioning":[],"website":[{}]},"after_identity":{"account_id":null,"bucket":null,"region":null}}},{"address":"aws_s3_bucket_object.cactus_png","mode":"managed","type":"aws_s3_bucket_object","name":"cactus_png","provider_name":"registry.terraform.io/hashicorp/aws","change":{"actions":["create"],"before":null,"after":{"acl":"public-read","cache_control":null,"content":null,"content_base64":null,"content_disposition":null,"content_encoding":null,"content_language":null,"content_type":"image/png","force_destroy":false,"key":"images/cactus.png","metadata":null,"object_lock_legal_hold_status":null,"object_lock_mode":null,"object_lock_retain_until_date":null,"region":"us-east-1","source":"../images/cactus.png","source_hash":null,"tags":null,"website_redirect":null},"after_unknown":{"arn":true,"bucket":true,"bucket_key_enabled":true,"etag":true,"id":true,"kms_key_id":true,"server_side_encryption":true,"storage_class":true,"tags_all":true,"version_id":true},"before_sensitive":false,"after_sensitive":{"tags_all":{}},"after_identity":{"account_id":null,"bucket":null,"key":null,"region":null}}},{"address":"aws_s3_bucket_object.dinosaur_png","mode":"managed","type":"aws_s3_bucket_object","name":"dinosaur_png","provider_name":"registry.terraform.io/hashicorp/aws","change":{"actions":["create"],"before":null,"after":{"acl":"public-read","cache_control":null,"content":null,"content_base64":null,"content_disposition":null,"content_encoding":null,"content_language":null,"content_type":"image/png","force_destroy":false,"key":"images/dinosaur.png","metadata":null,"object_lock_legal_hold_status":null,"object_lock_mode":null,"object_lock_retain_until_date":null,"region":"us-east-1","source":"../images/dinosaur.png","source_hash":null,"tags":null,"website_redirect":null},"after_unknown":{"arn":true,"bucket":true,"bucket_key_enabled":true,"etag":true,"id":true,"kms_key_id":true,"server_side_encryption":true,"storage_class":true,"tags_all":true,"version_id":true},"before_sensitive":false,"after_sensitive":{"tags_all":{}},"after_identity":{"account_id":null,"bucket":null,"key":null,"region":null}}},{"address":"aws_s3_bucket_object.index_html","mode":"managed","type":"aws_s3_bucket_object","name":"index_html","provider_name":"registry.terraform.io/hashicorp/aws","change":{"actions":["create"],"before":null,"after":{"acl":"public-read","cache_control":null,"content":null,"content_base64":null,"content_disposition":null,"content_encoding":null,"content_language":null,"content_type":"text/html","force_destroy":false,"key":"index.html","metadata":null,"object_lock_legal_hold_status":null,"object_lock_mode":null,"object_lock_retain_until_date":null,"region":"us-east-1","source":"../index.html","source_hash":null,"tags":null,"website_redirect":null},"after_unknown":{"arn":true,"bucket":true,"bucket_key_enabled":true,"etag":true,"id":true,"kms_key_id":true,"server_side_encryption":true,"storage_class":true,"tags_all":true,"version_id":true},"before_sensitive":false,"after_sensitive":{"tags_all":{}},"after_identity":{"account_id":null,"bucket":null,"key":null,"region":null}}},{"address":"aws_s3_bucket_object.script_js","mode":"managed","type":"aws_s3_bucket_object","name":"script_js","provider_name":"registry.terraform.io/hashicorp/aws","change":{"actions":["create"],"before":null,"after":{"acl":"public-read","cache_control":null,"content":null,"content_base64":null,"content_disposition":null,"content_encoding":null,"content_language":null,"content_type":"application/javascript","force_destroy":false,"key":"script.js","metadata":null,"object_lock_legal_hold_status":null,"object_lock_mode":null,"object_lock_retain_until_date":null,"region":"us-east-1","source":"../script.js","source_hash":null,"tags":null,"website_redirect":null},"after_unknown":{"arn":true,"bucket":true,"bucket_key_enabled":true,"etag":true,"id":true,"kms_key_id":true,"server_side_encryption":true,"storage_class":true,"tags_all":true,"version_id":true},"before_sensitive":false,"after_sensitive":{"tags_all":{}},"after_identity":{"account_id":null,"bucket":null,"key":null,"region":null}}},{"address":"aws_s3_bucket_object.style_css","mode":"managed","type":"aws_s3_bucket_object","name":"style_css","provider_name":"registry.terraform.io/hashicorp/aws","change":{"actions":["create"],"before":null,"after":{"acl":"public-read","cache_control":null,"content":null,"content_base64":null,"content_disposition":null,"content_encoding":null,"content_language":null,"content_type":"text/css","force_destroy":false,"key":"style.css","metadata":null,"object_lock_legal_hold_status":null,"object_lock_mode":null,"object_lock_retain_until_date":null,"region":"us-east-1","source":"../style.css","source_hash":null,"tags":null,"website_redirect":null},"after_unknown":{"arn":true,"bucket":true,"bucket_key_enabled":true,"etag":true,"id":true,"kms_key_id":true,"server_side_encryption":true,"storage_class":true,"tags_all":true,"version_id":true},"before_sensitive":false,"after_sensitive":{"tags_all":{}},"after_identity":{"account_id":null,"bucket":null,"key":null,"region":null}}},{"address":"aws_s3_bucket_policy.static_site_policy","mode":"managed","type":"aws_s3_bucket_policy","name":"static_site_policy","provider_name":"registry.terraform.io/hashicorp/aws","change":{"actions":["create"],"before":null,"after":{"region":"us-east-1"},"after_unknown":{"bucket":true,"id":true,"policy":true},"before_sensitive":false,"after_sensitive":{},"after_identity":{"account_id":null,"bucket":null,"region":null}}},{"address":"random_id.suffix","mode":"managed","type":"random_id","name":"suffix","provider_name":"registry.terraform.io/hashicorp/random","change":{"actions":["create"],"before":null,"after":{"byte_length":4,"keepers":null,"prefix":null},"after_unknown":{"b64_std":true,"b64_url":true,"dec":true,"hex":true,"id":true},"before_sensitive":false,"after_sensitive":{}}}],"output_changes":{"s3_bucket_name":{"actions":["create"],"before":null,"after_unknown":true,"before_sensitive":false,"after_sensitive":false},"s3_bucket_website_url":{"actions":["create"],"before":null,"after_unknown":true,"before_sensitive":false,"after_sensitive":false}},"configuration":{"provider_config":{"aws":{"name":"aws","full_name":"registry.terraform.io/hashicorp/aws","version_constraint":"\u003e= 4.0.0","expressions":{"region":{"references":["var.aws_region"]}}},"random":{"name":"random","full_name":"registry.terraform.io/hashicorp/random"}},"root_module":{"outputs":{"s3_bucket_name":{"expression":{"references":["aws_s3_bucket.static_site.bucket","aws_s3_bucket.static_site"]},"description":"Name of the S3 bucket hosting the static site"},"s3_bucket_website_url":{"expression":{"references":["aws_s3_bucket.static_site.website_endpoint","aws_s3_bucket.static_site"]},"description":"Website endpoint of the S3 bucket"}},"resources":[{"address":"aws_s3_bucket.static_site","mode":"managed","type":"aws_s3_bucket","name":"static_site","provider_config_key":"aws","expressions":{"acl":{"constant_value":"public-read"},"bucket":{"references":["var.app_name","random_id.suffix.hex","random_id.suffix"]},"tags":{"references":["var.app_name"]},"website":[{"error_document":{"constant_value":"index.html"},"index_document":{"constant_value":"index.html"}}]},"schema_version":0},{"address":"aws_s3_bucket_object.cactus_png","mode":"managed","type":"aws_s3_bucket_object","name":"cactus_png","provider_config_key":"aws","expressions":{"acl":{"constant_value":"public-read"},"bucket":{"references":["aws_s3_bucket.static_site.id","aws_s3_bucket.static_site"]},"content_type":{"constant_value":"image/png"},"key":{"constant_value":"images/cactus.png"},"source":{"constant_value":"../images/cactus.png"}},"schema_version":0},{"address":"aws_s3_bucket_object.dinosaur_png","mode":"managed","type":"aws_s3_bucket_object","name":"dinosaur_png","provider_config_key":"aws","expressions":{"acl":{"constant_value":"public-read"},"bucket":{"references":["aws_s3_bucket.static_site.id","aws_s3_bucket.static_site"]},"content_type":{"constant_value":"image/png"},"key":{"constant_value":"images/dinosaur.png"},"source":{"constant_value":"../images/dinosaur.png"}},"schema_version":0},{"address":"aws_s3_bucket_object.index_html","mode":"managed","type":"aws_s3_bucket_object","name":"index_html","provider_config_key":"aws","expressions":{"acl":{"constant_value":"public-read"},"bucket":{"references":["aws_s3_bucket.static_site.id","aws_s3_bucket.static_site"]},"content_type":{"constant_value":"text/html"},"key":{"constant_value":"index.html"},"source":{"constant_value":"../index.html"}},"schema_version":0},{"address":"aws_s3_bucket_object.script_js","mode":"managed","type":"aws_s3_bucket_object","name":"script_js","provider_config_key":"aws","expressions":{"acl":{"constant_value":"public-read"},"bucket":{"references":["aws_s3_bucket.static_site.id","aws_s3_bucket.static_site"]},"content_type":{"constant_value":"application/javascript"},"key":{"constant_value":"script.js"},"source":{"constant_value":"../script.js"}},"schema_version":0},{"address":"aws_s3_bucket_object.style_css","mode":"managed","type":"aws_s3_bucket_object","name":"style_css","provider_config_key":"aws","expressions":{"acl":{"constant_value":"public-read"},"bucket":{"references":["aws_s3_bucket.static_site.id","aws_s3_bucket.static_site"]},"content_type":{"constant_value":"text/css"},"key":{"constant_value":"style.css"},"source":{"constant_value":"../style.css"}},"schema_version":0},{"address":"aws_s3_bucket_policy.static_site_policy","mode":"managed","type":"aws_s3_bucket_policy","name":"static_site_policy","provider_config_key":"aws","expressions":{"bucket":{"references":["aws_s3_bucket.static_site.id","aws_s3_bucket.static_site"]},"policy":{"references":["data.aws_iam_policy_document.s3_policy.json","data.aws_iam_policy_document.s3_policy"]}},"schema_version":0},{"address":"random_id.suffix","mode":"managed","type":"random_id","name":"suffix","provider_config_key":"random","expressions":{"byte_length":{"constant_value":4}},"schema_version":0},{"address":"data.aws_iam_policy_document.s3_policy","mode":"data","type":"aws_iam_policy_document","name":"s3_policy","provider_config_key":"aws","expressions":{"statement":[{"actions":{"constant_value":["s3:GetObject"]},"effect":{"constant_value":"Allow"},"principals":[{"identifiers":{"constant_value":["*"]},"type":{"constant_value":"*"}}],"resources":{"references":["aws_s3_bucket.static_site.arn","aws_s3_bucket.static_site"]}}]},"schema_version":0}],"variables":{"app_name":{"default":"dinosaur-game","description":"Name of the application"},"aws_region":{"default":"us-east-1","description":"AWS region to deploy resources"}}}},"relevant_attributes":[{"resource":"aws_s3_bucket.static_site","attribute":["arn"]},{"resource":"data.aws_iam_policy_document.s3_policy","attribute":["json"]},{"resource":"aws_s3_bucket.static_site","attribute":["id"]},{"resource":"aws_s3_bucket.static_site","attribute":["bucket"]},{"resource":"aws_s3_bucket.static_site","attribute":["website_endpoint"]},{"resource":"random_id.suffix","attribute":["hex"]}],"timestamp":"2026-01-24T05:50:32Z","applyable":true,"complete":true,"errored":false}
