{"format_version":"1.2","terraform_version":"1.13.5","variables":{"access_key":{"value":"711161962.txt"},"secret_key":{"value":"711161962.txt"}},"planned_values":{"root_module":{"resources":[{"address":"aws_iam_policy.test_policy","mode":"managed","type":"aws_iam_policy","name":"test_policy","provider_name":"registry.terraform.io/hashicorp/aws","schema_version":0,"values":{"description":"allow send message by s3 create event","name":"sqs-s3-send-event-policy","path":"/","tags":null},"sensitive_values":{"tags_all":{}},"identity_schema_version":0,"identity":{"arn":null}},{"address":"aws_iam_role.lambda","mode":"managed","type":"aws_iam_role","name":"lambda","provider_name":"registry.terraform.io/hashicorp/aws","schema_version":0,"values":{"assume_role_policy":"{\"Statement\":[{\"Action\":\"sts:AssumeRole\",\"Effect\":\"Allow\",\"Principal\":{\"Service\":\"lambda.amazonaws.com\"}}],\"Version\":\"2012-10-17\"}","description":"Role for lambda to assume lambda","force_detach_policies":false,"max_session_duration":3600,"name":"AssumeLambdaRole","path":"/","permissions_boundary":null,"tags":null},"sensitive_values":{"inline_policy":[],"managed_policy_arns":[],"tags_all":{}},"identity_schema_version":0,"identity":{"account_id":null,"name":null}},{"address":"aws_lambda_event_source_mapping.sqs","mode":"managed","type":"aws_lambda_event_source_mapping","name":"sqs","provider_name":"registry.terraform.io/hashicorp/aws","schema_version":0,"values":{"batch_size":1,"bisect_batch_on_function_error":null,"destination_config":[],"document_db_event_source_config":[],"enabled":true,"filter_criteria":[],"function_response_types":null,"kms_key_arn":null,"maximum_batching_window_in_seconds":null,"metrics_config":[],"provisioned_poller_config":[],"queues":null,"region":"ap-northeast-1","scaling_config":[],"self_managed_event_source":[],"source_access_configuration":[],"starting_position":"LATEST","starting_position_timestamp":null,"tags":null,"topics":null,"tumbling_window_in_seconds":null},"sensitive_values":{"amazon_managed_kafka_event_source_config":[],"destination_config":[],"document_db_event_source_config":[],"filter_criteria":[],"metrics_config":[],"provisioned_poller_config":[],"scaling_config":[],"self_managed_event_source":[],"self_managed_kafka_event_source_config":[],"source_access_configuration":[],"tags_all":{}}},{"address":"aws_lambda_function.function","mode":"managed","type":"aws_lambda_function","name":"function","provider_name":"registry.terraform.io/hashicorp/aws","schema_version":0,"values":{"capacity_provider_config":[],"code_signing_config_arn":null,"dead_letter_config":[],"description":"A sample lambda function triggered by s3 event via sqs","durable_config":[],"environment":[],"file_system_config":[],"filename":"./lambda/build/handler.zip","function_name":"s3-provoked-sqs-lambda","handler":"handler","image_config":[],"image_uri":null,"kms_key_arn":null,"layers":null,"memory_size":128,"package_type":"Zip","publish":false,"publish_to":null,"region":"ap-northeast-1","replace_security_groups_on_destroy":null,"replacement_security_group_ids":null,"reserved_concurrent_executions":-1,"runtime":"provided.al2","s3_bucket":null,"s3_key":null,"s3_object_version":null,"skip_destroy":false,"snap_start":[],"source_kms_key_arn":null,"tags":null,"tenancy_config":[],"timeout":3,"timeouts":null,"vpc_config":[]},"sensitive_values":{"architectures":[],"capacity_provider_config":[],"dead_letter_config":[],"durable_config":[],"environment":[],"ephemeral_storage":[],"file_system_config":[],"image_config":[],"logging_config":[],"snap_start":[],"tags_all":{},"tenancy_config":[],"tracing_config":[],"vpc_config":[]},"identity_schema_version":0,"identity":{"account_id":null,"function_name":null,"region":null}},{"address":"aws_s3_bucket.test_bucket","mode":"managed","type":"aws_s3_bucket","name":"test_bucket","provider_name":"registry.terraform.io/hashicorp/aws","schema_version":0,"values":{"force_destroy":false,"region":"ap-northeast-1","tags":null,"timeouts":null},"sensitive_values":{"cors_rule":[],"grant":[],"lifecycle_rule":[],"logging":[],"object_lock_configuration":[],"replication_configuration":[],"server_side_encryption_configuration":[],"tags_all":{},"versioning":[],"website":[]},"identity_schema_version":0,"identity":{"account_id":null,"bucket":null,"region":null}},{"address":"aws_s3_bucket_notification.bucket_notification","mode":"managed","type":"aws_s3_bucket_notification","name":"bucket_notification","provider_name":"registry.terraform.io/hashicorp/aws","schema_version":0,"values":{"eventbridge":false,"lambda_function":[],"queue":[{"events":["s3:ObjectCreated:*"],"filter_prefix":null,"filter_suffix":".csv"}],"region":"ap-northeast-1","topic":[]},"sensitive_values":{"lambda_function":[],"queue":[{"events":[false]}],"topic":[]},"identity_schema_version":0,"identity":{"account_id":null,"bucket":null,"region":null}},{"address":"aws_sqs_queue.test_queue","mode":"managed","type":"aws_sqs_queue","name":"test_queue","provider_name":"registry.terraform.io/hashicorp/aws","schema_version":0,"values":{"content_based_deduplication":false,"delay_seconds":0,"fifo_queue":false,"kms_master_key_id":null,"max_message_size":262144,"message_retention_seconds":345600,"name":"test-queue","receive_wait_time_seconds":0,"region":"ap-northeast-1","tags":null,"timeouts":null,"visibility_timeout_seconds":30},"sensitive_values":{"tags_all":{}},"identity_schema_version":1,"identity":{"url":null}},{"address":"data.archive_file.function_archive","mode":"data","type":"archive_file","name":"function_archive","provider_name":"registry.terraform.io/hashicorp/archive","schema_version":0,"values":{"exclude_symlink_directories":null,"excludes":null,"output_file_mode":null,"output_path":"./lambda/build/handler.zip","source":[],"source_content":null,"source_content_filename":null,"source_dir":null,"source_file":"./lambda/build/bootstrap","type":"zip"},"sensitive_values":{"source":[]}},{"address":"data.aws_iam_policy_document.sqs_policy_document","mode":"data","type":"aws_iam_policy_document","name":"sqs_policy_document","provider_name":"registry.terraform.io/hashicorp/aws","schema_version":0,"values":{"override_json":null,"override_policy_documents":null,"policy_id":null,"source_json":null,"source_policy_documents":null,"statement":[{"actions":["sqs:SendMessage"],"condition":[{"test":"ArnEquals","values":[null],"variable":"aws:SourceArn"}],"effect":"Allow","not_actions":null,"not_principals":[],"not_resources":null,"principals":[{"identifiers":["s3.amazonaws.com"],"type":"service"}],"resources":[null],"sid":"AllowSQSSendMessage"}],"version":null},"sensitive_values":{"statement":[{"actions":[false],"condition":[{"values":[false]}],"not_principals":[],"principals":[{"identifiers":[false]}],"resources":[false]}]}},{"address":"null_resource.function_binary","mode":"managed","type":"null_resource","name":"function_binary","provider_name":"registry.terraform.io/hashicorp/null","schema_version":0,"values":{"triggers":null},"sensitive_values":{}},{"address":"random_string.bucket_name_suffix","mode":"managed","type":"random_string","name":"bucket_name_suffix","provider_name":"registry.terraform.io/hashicorp/random","schema_version":2,"values":{"keepers":null,"length":10,"lower":true,"min_lower":0,"min_numeric":0,"min_special":0,"min_upper":0,"number":true,"numeric":true,"override_special":null,"special":false,"upper":false},"sensitive_values":{}}]}},"resource_changes":[{"address":"data.archive_file.function_archive","mode":"data","type":"archive_file","name":"function_archive","provider_name":"registry.terraform.io/hashicorp/archive","change":{"actions":["read"],"before":null,"after":{"exclude_symlink_directories":null,"excludes":null,"output_file_mode":null,"output_path":"./lambda/build/handler.zip","source":[],"source_content":null,"source_content_filename":null,"source_dir":null,"source_file":"./lambda/build/bootstrap","type":"zip"},"after_unknown":{"id":true,"output_base64sha256":true,"output_base64sha512":true,"output_md5":true,"output_sha":true,"output_sha256":true,"output_sha512":true,"output_size":true,"source":[]},"before_sensitive":false,"after_sensitive":{"source":[]}},"action_reason":"read_because_dependency_pending"},{"address":"data.aws_iam_policy_document.sqs_policy_document","mode":"data","type":"aws_iam_policy_document","name":"sqs_policy_document","provider_name":"registry.terraform.io/hashicorp/aws","change":{"actions":["read"],"before":null,"after":{"override_json":null,"override_policy_documents":null,"policy_id":null,"source_json":null,"source_policy_documents":null,"statement":[{"actions":["sqs:SendMessage"],"condition":[{"test":"ArnEquals","values":[null],"variable":"aws:SourceArn"}],"effect":"Allow","not_actions":null,"not_principals":[],"not_resources":null,"principals":[{"identifiers":["s3.amazonaws.com"],"type":"service"}],"resources":[null],"sid":"AllowSQSSendMessage"}],"version":null},"after_unknown":{"id":true,"json":true,"minified_json":true,"statement":[{"actions":[false],"condition":[{"values":[true]}],"not_principals":[],"principals":[{"identifiers":[false]}],"resources":[true]}]},"before_sensitive":false,"after_sensitive":{"statement":[{"actions":[false],"condition":[{"values":[false]}],"not_principals":[],"principals":[{"identifiers":[false]}],"resources":[false]}]}},"action_reason":"read_because_config_unknown"},{"address":"aws_iam_policy.test_policy","mode":"managed","type":"aws_iam_policy","name":"test_policy","provider_name":"registry.terraform.io/hashicorp/aws","change":{"actions":["create"],"before":null,"after":{"description":"allow send message by s3 create event","name":"sqs-s3-send-event-policy","path":"/","tags":null},"after_unknown":{"arn":true,"attachment_count":true,"id":true,"name_prefix":true,"policy":true,"policy_id":true,"tags_all":true},"before_sensitive":false,"after_sensitive":{"tags_all":{}},"after_identity":{"arn":null}}},{"address":"aws_iam_role.lambda","mode":"managed","type":"aws_iam_role","name":"lambda","provider_name":"registry.terraform.io/hashicorp/aws","change":{"actions":["create"],"before":null,"after":{"assume_role_policy":"{\"Statement\":[{\"Action\":\"sts:AssumeRole\",\"Effect\":\"Allow\",\"Principal\":{\"Service\":\"lambda.amazonaws.com\"}}],\"Version\":\"2012-10-17\"}","description":"Role for lambda to assume lambda","force_detach_policies":false,"max_session_duration":3600,"name":"AssumeLambdaRole","path":"/","permissions_boundary":null,"tags":null},"after_unknown":{"arn":true,"create_date":true,"id":true,"inline_policy":true,"managed_policy_arns":true,"name_prefix":true,"tags_all":true,"unique_id":true},"before_sensitive":false,"after_sensitive":{"inline_policy":[],"managed_policy_arns":[],"tags_all":{}},"after_identity":{"account_id":null,"name":null}}},{"address":"aws_lambda_event_source_mapping.sqs","mode":"managed","type":"aws_lambda_event_source_mapping","name":"sqs","provider_name":"registry.terraform.io/hashicorp/aws","change":{"actions":["create"],"before":null,"after":{"batch_size":1,"bisect_batch_on_function_error":null,"destination_config":[],"document_db_event_source_config":[],"enabled":true,"filter_criteria":[],"function_response_types":null,"kms_key_arn":null,"maximum_batching_window_in_seconds":null,"metrics_config":[],"provisioned_poller_config":[],"queues":null,"region":"ap-northeast-1","scaling_config":[],"self_managed_event_source":[],"source_access_configuration":[],"starting_position":"LATEST","starting_position_timestamp":null,"tags":null,"topics":null,"tumbling_window_in_seconds":null},"after_unknown":{"amazon_managed_kafka_event_source_config":true,"arn":true,"destination_config":[],"document_db_event_source_config":[],"event_source_arn":true,"filter_criteria":[],"function_arn":true,"function_name":true,"id":true,"last_modified":true,"last_processing_result":true,"maximum_record_age_in_seconds":true,"maximum_retry_attempts":true,"metrics_config":[],"parallelization_factor":true,"provisioned_poller_config":[],"scaling_config":[],"self_managed_event_source":[],"self_managed_kafka_event_source_config":true,"source_access_configuration":[],"state":true,"state_transition_reason":true,"tags_all":true,"uuid":true},"before_sensitive":false,"after_sensitive":{"amazon_managed_kafka_event_source_config":[],"destination_config":[],"document_db_event_source_config":[],"filter_criteria":[],"metrics_config":[],"provisioned_poller_config":[],"scaling_config":[],"self_managed_event_source":[],"self_managed_kafka_event_source_config":[],"source_access_configuration":[],"tags_all":{}}}},{"address":"aws_lambda_function.function","mode":"managed","type":"aws_lambda_function","name":"function","provider_name":"registry.terraform.io/hashicorp/aws","change":{"actions":["create"],"before":null,"after":{"capacity_provider_config":[],"code_signing_config_arn":null,"dead_letter_config":[],"description":"A sample lambda function triggered by s3 event via sqs","durable_config":[],"environment":[],"file_system_config":[],"filename":"./lambda/build/handler.zip","function_name":"s3-provoked-sqs-lambda","handler":"handler","image_config":[],"image_uri":null,"kms_key_arn":null,"layers":null,"memory_size":128,"package_type":"Zip","publish":false,"publish_to":null,"region":"ap-northeast-1","replace_security_groups_on_destroy":null,"replacement_security_group_ids":null,"reserved_concurrent_executions":-1,"runtime":"provided.al2","s3_bucket":null,"s3_key":null,"s3_object_version":null,"skip_destroy":false,"snap_start":[],"source_kms_key_arn":null,"tags":null,"tenancy_config":[],"timeout":3,"timeouts":null,"vpc_config":[]},"after_unknown":{"architectures":true,"arn":true,"capacity_provider_config":[],"code_sha256":true,"dead_letter_config":[],"durable_config":[],"environment":[],"ephemeral_storage":true,"file_system_config":[],"id":true,"image_config":[],"invoke_arn":true,"last_modified":true,"logging_config":true,"qualified_arn":true,"qualified_invoke_arn":true,"role":true,"signing_job_arn":true,"signing_profile_version_arn":true,"snap_start":[],"source_code_hash":true,"source_code_size":true,"tags_all":true,"tenancy_config":[],"tracing_config":true,"version":true,"vpc_config":[]},"before_sensitive":false,"after_sensitive":{"architectures":[],"capacity_provider_config":[],"dead_letter_config":[],"durable_config":[],"environment":[],"ephemeral_storage":[],"file_system_config":[],"image_config":[],"logging_config":[],"snap_start":[],"tags_all":{},"tenancy_config":[],"tracing_config":[],"vpc_config":[]},"after_identity":{"account_id":null,"function_name":null,"region":null}}},{"address":"aws_s3_bucket.test_bucket","mode":"managed","type":"aws_s3_bucket","name":"test_bucket","provider_name":"registry.terraform.io/hashicorp/aws","change":{"actions":["create"],"before":null,"after":{"force_destroy":false,"region":"ap-northeast-1","tags":null,"timeouts":null},"after_unknown":{"acceleration_status":true,"acl":true,"arn":true,"bucket":true,"bucket_domain_name":true,"bucket_prefix":true,"bucket_region":true,"bucket_regional_domain_name":true,"cors_rule":true,"grant":true,"hosted_zone_id":true,"id":true,"lifecycle_rule":true,"logging":true,"object_lock_configuration":true,"object_lock_enabled":true,"policy":true,"replication_configuration":true,"request_payer":true,"server_side_encryption_configuration":true,"tags_all":true,"versioning":true,"website":true,"website_domain":true,"website_endpoint":true},"before_sensitive":false,"after_sensitive":{"cors_rule":[],"grant":[],"lifecycle_rule":[],"logging":[],"object_lock_configuration":[],"replication_configuration":[],"server_side_encryption_configuration":[],"tags_all":{},"versioning":[],"website":[]},"after_identity":{"account_id":null,"bucket":null,"region":null}}},{"address":"aws_s3_bucket_notification.bucket_notification","mode":"managed","type":"aws_s3_bucket_notification","name":"bucket_notification","provider_name":"registry.terraform.io/hashicorp/aws","change":{"actions":["create"],"before":null,"after":{"eventbridge":false,"lambda_function":[],"queue":[{"events":["s3:ObjectCreated:*"],"filter_prefix":null,"filter_suffix":".csv"}],"region":"ap-northeast-1","topic":[]},"after_unknown":{"bucket":true,"id":true,"lambda_function":[],"queue":[{"events":[false],"id":true,"queue_arn":true}],"topic":[]},"before_sensitive":false,"after_sensitive":{"lambda_function":[],"queue":[{"events":[false]}],"topic":[]},"after_identity":{"account_id":null,"bucket":null,"region":null}}},{"address":"aws_sqs_queue.test_queue","mode":"managed","type":"aws_sqs_queue","name":"test_queue","provider_name":"registry.terraform.io/hashicorp/aws","change":{"actions":["create"],"before":null,"after":{"content_based_deduplication":false,"delay_seconds":0,"fifo_queue":false,"kms_master_key_id":null,"max_message_size":262144,"message_retention_seconds":345600,"name":"test-queue","receive_wait_time_seconds":0,"region":"ap-northeast-1","tags":null,"timeouts":null,"visibility_timeout_seconds":30},"after_unknown":{"arn":true,"deduplication_scope":true,"fifo_throughput_limit":true,"id":true,"kms_data_key_reuse_period_seconds":true,"name_prefix":true,"policy":true,"redrive_allow_policy":true,"redrive_policy":true,"sqs_managed_sse_enabled":true,"tags_all":true,"url":true},"before_sensitive":false,"after_sensitive":{"tags_all":{}},"after_identity":{"url":null}}},{"address":"null_resource.function_binary","mode":"managed","type":"null_resource","name":"function_binary","provider_name":"registry.terraform.io/hashicorp/null","change":{"actions":["create"],"before":null,"after":{"triggers":null},"after_unknown":{"id":true},"before_sensitive":false,"after_sensitive":{}}},{"address":"random_string.bucket_name_suffix","mode":"managed","type":"random_string","name":"bucket_name_suffix","provider_name":"registry.terraform.io/hashicorp/random","change":{"actions":["create"],"before":null,"after":{"keepers":null,"length":10,"lower":true,"min_lower":0,"min_numeric":0,"min_special":0,"min_upper":0,"number":true,"numeric":true,"override_special":null,"special":false,"upper":false},"after_unknown":{"id":true,"result":true},"before_sensitive":false,"after_sensitive":{}}}],"prior_state":{"format_version":"1.0","terraform_version":"1.13.5","values":{"root_module":{"resources":[{"address":"data.archive_file.lambda_dummy","mode":"data","type":"archive_file","name":"lambda_dummy","provider_name":"registry.terraform.io/hashicorp/archive","schema_version":0,"values":{"exclude_symlink_directories":null,"excludes":null,"id":"58e93fade67637870be5af38eff8d5aa66c7da49","output_base64sha256":"wmbalFzzY/wG3ivChKElOZB3+B4gptmQyIat05p+fU4=","output_base64sha512":"BQYAg1LwEY4tDmry1VoRx6StX0vjH+7LpfB5KAZLVvfJQjioPbBv1QxI6QF6P2U614fU3h9XKBCb9z5Y1ornqA==","output_file_mode":null,"output_md5":"a0dbd832a6a977d6d5b28ea5c85e30fb","output_path":"./.dummy/lambda.zip","output_sha":"58e93fade67637870be5af38eff8d5aa66c7da49","output_sha256":"c266da945cf363fc06de2bc284a125399077f81e20a6d990c886add39a7e7d4e","output_sha512":"0506008352f0118e2d0e6af2d55a11c7a4ad5f4be31feecba5f07928064b56f7c94238a83db06fd50c48e9017a3f653ad787d4de1f5728109bf73e58d68ae7a8","output_size":246,"source":[{"content":"exports.handler = async (event) =\u003e {\n  console.log(\"Dummy lambda invoked\");\n  return { statusCode: 200, body: \"dummy\" };\n};\n","filename":"index.js"}],"source_content":null,"source_content_filename":null,"source_dir":null,"source_file":null,"type":"zip"},"sensitive_values":{"source":[{}]}},{"address":"data.aws_iam_policy_document.assume_lambda_role","mode":"data","type":"aws_iam_policy_document","name":"assume_lambda_role","provider_name":"registry.terraform.io/hashicorp/aws","schema_version":0,"values":{"id":"2690255455","json":"{\n  \"Version\": \"2012-10-17\",\n  \"Statement\": [\n    {\n      \"Effect\": \"Allow\",\n      \"Action\": \"sts:AssumeRole\",\n      \"Principal\": {\n        \"Service\": \"lambda.amazonaws.com\"\n      }\n    }\n  ]\n}","minified_json":"{\"Version\":\"2012-10-17\",\"Statement\":[{\"Effect\":\"Allow\",\"Action\":\"sts:AssumeRole\",\"Principal\":{\"Service\":\"lambda.amazonaws.com\"}}]}","override_json":null,"override_policy_documents":null,"policy_id":null,"source_json":null,"source_policy_documents":null,"statement":[{"actions":["sts:AssumeRole"],"condition":[],"effect":"Allow","not_actions":[],"not_principals":[],"not_resources":[],"principals":[{"identifiers":["lambda.amazonaws.com"],"type":"Service"}],"resources":[],"sid":""}],"version":"2012-10-17"},"sensitive_values":{"statement":[{"actions":[false],"condition":[],"not_actions":[],"not_principals":[],"not_resources":[],"principals":[{"identifiers":[false]}],"resources":[]}]}}]}}},"configuration":{"provider_config":{"archive":{"name":"archive","full_name":"registry.terraform.io/hashicorp/archive","version_constraint":"\u003e= 2.0.0"},"aws":{"name":"aws","full_name":"registry.terraform.io/hashicorp/aws","version_constraint":"~\u003e 6.27.0","expressions":{"access_key":{"references":["var.access_key"]},"endpoints":[{"iam":{"constant_value":"http://localhost:4566"},"lambda":{"constant_value":"http://localhost:4566"},"s3":{"constant_value":"http://localhost:4566"},"sqs":{"constant_value":"http://localhost:4566"}}],"region":{"constant_value":"ap-northeast-1"},"s3_use_path_style":{"constant_value":true},"secret_key":{"references":["var.secret_key"]},"skip_credentials_validation":{"constant_value":true},"skip_metadata_api_check":{"constant_value":true},"skip_requesting_account_id":{"constant_value":true}}},"null":{"name":"null","full_name":"registry.terraform.io/hashicorp/null"},"random":{"name":"random","full_name":"registry.terraform.io/hashicorp/random"}},"root_module":{"resources":[{"address":"aws_iam_policy.test_policy","mode":"managed","type":"aws_iam_policy","name":"test_policy","provider_config_key":"aws","expressions":{"description":{"constant_value":"allow send message by s3 create event"},"name":{"constant_value":"sqs-s3-send-event-policy"},"policy":{"references":["data.aws_iam_policy_document.sqs_policy_document.json","data.aws_iam_policy_document.sqs_policy_document"]}},"schema_version":0},{"address":"aws_iam_role.lambda","mode":"managed","type":"aws_iam_role","name":"lambda","provider_config_key":"aws","expressions":{"assume_role_policy":{"references":["data.aws_iam_policy_document.assume_lambda_role.json","data.aws_iam_policy_document.assume_lambda_role"]},"description":{"constant_value":"Role for lambda to assume lambda"},"name":{"constant_value":"AssumeLambdaRole"}},"schema_version":0},{"address":"aws_lambda_event_source_mapping.sqs","mode":"managed","type":"aws_lambda_event_source_mapping","name":"sqs","provider_config_key":"aws","expressions":{"batch_size":{"constant_value":1},"event_source_arn":{"references":["aws_sqs_queue.test_queue.arn","aws_sqs_queue.test_queue"]},"function_name":{"references":["aws_lambda_function.function.arn","aws_lambda_function.function"]},"starting_position":{"constant_value":"LATEST"}},"schema_version":0},{"address":"aws_lambda_function.function","mode":"managed","type":"aws_lambda_function","name":"function","provider_config_key":"aws","expressions":{"description":{"constant_value":"A sample lambda function triggered by s3 event via sqs"},"filename":{"references":["local.archive_path"]},"function_name":{"constant_value":"s3-provoked-sqs-lambda"},"handler":{"constant_value":"handler"},"memory_size":{"constant_value":128},"role":{"references":["aws_iam_role.lambda.arn","aws_iam_role.lambda"]},"runtime":{"constant_value":"provided.al2"},"source_code_hash":{"references":["data.archive_file.function_archive.output_base64sha256","data.archive_file.function_archive"]}},"schema_version":0},{"address":"aws_s3_bucket.test_bucket","mode":"managed","type":"aws_s3_bucket","name":"test_bucket","provider_config_key":"aws","expressions":{"bucket":{"references":["random_string.bucket_name_suffix.result","random_string.bucket_name_suffix"]}},"schema_version":0},{"address":"aws_s3_bucket_notification.bucket_notification","mode":"managed","type":"aws_s3_bucket_notification","name":"bucket_notification","provider_config_key":"aws","expressions":{"bucket":{"references":["aws_s3_bucket.test_bucket.id","aws_s3_bucket.test_bucket"]},"queue":[{"events":{"constant_value":["s3:ObjectCreated:*"]},"filter_suffix":{"constant_value":".csv"},"queue_arn":{"references":["aws_sqs_queue.test_queue.arn","aws_sqs_queue.test_queue"]}}]},"schema_version":0},{"address":"aws_sqs_queue.test_queue","mode":"managed","type":"aws_sqs_queue","name":"test_queue","provider_config_key":"aws","expressions":{"name":{"constant_value":"test-queue"}},"schema_version":0},{"address":"null_resource.function_binary","mode":"managed","type":"null_resource","name":"function_binary","provider_config_key":"null","provisioners":[{"type":"local-exec","expressions":{"command":{"references":["local.binary_path","local.src_path"]}}}],"schema_version":0},{"address":"random_string.bucket_name_suffix","mode":"managed","type":"random_string","name":"bucket_name_suffix","provider_config_key":"random","expressions":{"length":{"constant_value":10},"special":{"constant_value":false},"upper":{"constant_value":false}},"schema_version":2},{"address":"data.archive_file.function_archive","mode":"data","type":"archive_file","name":"function_archive","provider_config_key":"archive","expressions":{"output_path":{"references":["local.archive_path"]},"source_file":{"references":["local.binary_path"]},"type":{"constant_value":"zip"}},"schema_version":0,"depends_on":["null_resource.function_binary"]},{"address":"data.archive_file.lambda_dummy","mode":"data","type":"archive_file","name":"lambda_dummy","provider_config_key":"archive","expressions":{"output_path":{"references":["local.lambda_dummy_zip"]},"source":[{"content":{"constant_value":"exports.handler = async (event) =\u003e {\n  console.log(\"Dummy lambda invoked\");\n  return { statusCode: 200, body: \"dummy\" };\n};\n"},"filename":{"constant_value":"index.js"}}],"type":{"constant_value":"zip"}},"schema_version":0},{"address":"data.aws_iam_policy_document.assume_lambda_role","mode":"data","type":"aws_iam_policy_document","name":"assume_lambda_role","provider_config_key":"aws","expressions":{"statement":[{"actions":{"constant_value":["sts:AssumeRole"]},"principals":[{"identifiers":{"constant_value":["lambda.amazonaws.com"]},"type":{"constant_value":"Service"}}]}]},"schema_version":0},{"address":"data.aws_iam_policy_document.sqs_policy_document","mode":"data","type":"aws_iam_policy_document","name":"sqs_policy_document","provider_config_key":"aws","expressions":{"statement":[{"actions":{"constant_value":["sqs:SendMessage"]},"condition":[{"test":{"constant_value":"ArnEquals"},"values":{"references":["aws_s3_bucket.test_bucket.arn","aws_s3_bucket.test_bucket"]},"variable":{"constant_value":"aws:SourceArn"}}],"effect":{"constant_value":"Allow"},"principals":[{"identifiers":{"constant_value":["s3.amazonaws.com"]},"type":{"constant_value":"service"}}],"resources":{"references":["aws_sqs_queue.test_queue.arn","aws_sqs_queue.test_queue"]},"sid":{"constant_value":"AllowSQSSendMessage"}}]},"schema_version":0}],"variables":{"access_key":{},"secret_key":{}}}},"relevant_attributes":[{"resource":"data.archive_file.function_archive","attribute":["output_base64sha256"]},{"resource":"aws_iam_role.lambda","attribute":["arn"]},{"resource":"aws_sqs_queue.test_queue","attribute":["arn"]},{"resource":"random_string.bucket_name_suffix","attribute":["result"]},{"resource":"data.aws_iam_policy_document.assume_lambda_role","attribute":["json"]},{"resource":"aws_lambda_function.function","attribute":["arn"]},{"resource":"aws_s3_bucket.test_bucket","attribute":["arn"]},{"resource":"data.aws_iam_policy_document.sqs_policy_document","attribute":["json"]},{"resource":"aws_s3_bucket.test_bucket","attribute":["id"]}],"timestamp":"2026-01-27T04:07:46Z","applyable":true,"complete":true,"errored":false}
