{
  "version": 4,
  "terraform_version": "1.13.5",
  "serial": 3,
  "lineage": "f6d4d288-bd02-4be6-cce5-0d4e565a10cd",
  "outputs": {
    "instance_id": {
      "value": "i-9404d0ad2e4b0cc72",
      "type": "string"
    },
    "minecraft_address": {
      "value": "54.214.205.35:25565",
      "type": "string"
    },
    "public_ip": {
      "value": "54.214.205.35",
      "type": "string"
    },
    "rcon_web_url": {
      "value": "http://54.214.205.35:4326",
      "type": "string"
    }
  },
  "resources": [
    {
      "mode": "data",
      "type": "aws_ami",
      "name": "al2023",
      "provider": "provider[\"registry.terraform.io/hashicorp/aws\"]",
      "instances": [
        {
          "schema_version": 0,
          "attributes": {
            "allow_unsafe_filter": null,
            "architecture": "x86_64",
            "arn": "arn:aws:ec2:us-east-1::image/ami-07c1fa5792ef8fe27",
            "block_device_mappings": [
              {
                "device_name": "/dev/xvda",
                "ebs": {
                  "delete_on_termination": "false",
                  "encrypted": "false",
                  "iops": "0",
                  "snapshot_id": "snap-29c6ed6e1444ca5cb",
                  "throughput": "0",
                  "volume_initialization_rate": "0",
                  "volume_size": "15",
                  "volume_type": "standard"
                },
                "no_device": "",
                "virtual_name": ""
              }
            ],
            "boot_mode": "uefi",
            "creation_date": "2026-01-26T23:05:28.000Z",
            "deprecation_time": "",
            "description": "Amazon Linux 2023 AMI 2023.8.20250915.0 x86_64 Minimal HVM kernel-6.1",
            "ena_support": false,
            "executable_users": null,
            "filter": [
              {
                "name": "name",
                "values": [
                  "al2023-ami-*-x86_64"
                ]
              },
              {
                "name": "virtualization-type",
                "values": [
                  "hvm"
                ]
              }
            ],
            "hypervisor": "xen",
            "id": "ami-07c1fa5792ef8fe27",
            "image_id": "ami-07c1fa5792ef8fe27",
            "image_location": "",
            "image_owner_alias": "amazon",
            "image_type": "machine",
            "imds_support": "",
            "include_deprecated": false,
            "kernel_id": "",
            "last_launched_time": "",
            "most_recent": true,
            "name": "al2023-ami-minimal-2023.8.20250915.0-kernel-6.1-x86_64",
            "name_regex": null,
            "owner_id": "137112412989",
            "owners": [
              "amazon"
            ],
            "platform": "",
            "platform_details": "",
            "product_codes": [],
            "public": true,
            "ramdisk_id": "",
            "region": "us-east-1",
            "root_device_name": "/dev/xvda",
            "root_device_type": "ebs",
            "root_snapshot_id": "snap-29c6ed6e1444ca5cb",
            "sriov_net_support": "",
            "state": "available",
            "state_reason": {
              "code": "UNSET",
              "message": "UNSET"
            },
            "tags": {},
            "timeouts": null,
            "tpm_support": "",
            "uefi_data": null,
            "usage_operation": "",
            "virtualization_type": "hvm"
          },
          "sensitive_attributes": [],
          "identity_schema_version": 0
        }
      ]
    },
    {
      "mode": "data",
      "type": "aws_subnets",
      "name": "default",
      "provider": "provider[\"registry.terraform.io/hashicorp/aws\"]",
      "instances": [
        {
          "schema_version": 0,
          "attributes": {
            "filter": [
              {
                "name": "vpc-id",
                "values": [
                  "vpc-f867651acd2128b4b"
                ]
              }
            ],
            "id": "us-east-1",
            "ids": [
              "subnet-348c19c7e954e096e",
              "subnet-4d570970232301104",
              "subnet-582f5e677f703e64b",
              "subnet-c5777a0a573d7c039",
              "subnet-df78019b7a78d2bb6",
              "subnet-ab203da9dc535d08a"
            ],
            "region": "us-east-1",
            "tags": null,
            "timeouts": null
          },
          "sensitive_attributes": [],
          "identity_schema_version": 0
        }
      ]
    },
    {
      "mode": "data",
      "type": "aws_vpc",
      "name": "default",
      "provider": "provider[\"registry.terraform.io/hashicorp/aws\"]",
      "instances": [
        {
          "schema_version": 0,
          "attributes": {
            "arn": "arn:aws:ec2:us-east-1:000000000000:vpc/vpc-f867651acd2128b4b",
            "cidr_block": "172.31.0.0/16",
            "cidr_block_associations": [
              {
                "association_id": "vpc-cidr-assoc-460e140ed9d8b754b",
                "cidr_block": "172.31.0.0/16",
                "state": "associated"
              }
            ],
            "default": true,
            "dhcp_options_id": "default",
            "enable_dns_hostnames": true,
            "enable_dns_support": true,
            "enable_network_address_usage_metrics": false,
            "filter": null,
            "id": "vpc-f867651acd2128b4b",
            "instance_tenancy": "default",
            "ipv6_association_id": "",
            "ipv6_cidr_block": "",
            "main_route_table_id": "rtb-790c5d06f9410b0e2",
            "owner_id": "000000000000",
            "region": "us-east-1",
            "state": null,
            "tags": {},
            "timeouts": null
          },
          "sensitive_attributes": [],
          "identity_schema_version": 0
        }
      ]
    },
    {
      "mode": "managed",
      "type": "aws_instance",
      "name": "minecraft",
      "provider": "provider[\"registry.terraform.io/hashicorp/aws\"]",
      "instances": [
        {
          "schema_version": 2,
          "attributes": {
            "ami": "ami-07c1fa5792ef8fe27",
            "arn": "arn:aws:ec2:us-east-1:000000000000:instance/i-9404d0ad2e4b0cc72",
            "associate_public_ip_address": true,
            "availability_zone": "us-east-1a",
            "capacity_reservation_specification": [],
            "cpu_options": [],
            "credit_specification": [],
            "disable_api_stop": false,
            "disable_api_termination": false,
            "ebs_block_device": [],
            "ebs_optimized": false,
            "enable_primary_ipv6": null,
            "enclave_options": [],
            "ephemeral_block_device": [],
            "force_destroy": false,
            "get_password_data": false,
            "hibernation": false,
            "host_id": "",
            "host_resource_group_arn": null,
            "iam_instance_profile": "",
            "id": "i-9404d0ad2e4b0cc72",
            "instance_initiated_shutdown_behavior": "stop",
            "instance_lifecycle": "",
            "instance_market_options": [],
            "instance_state": "running",
            "instance_type": "t3.small",
            "ipv6_address_count": 0,
            "ipv6_addresses": [],
            "key_name": "",
            "launch_template": [],
            "maintenance_options": [],
            "metadata_options": [
              {
                "http_endpoint": "enabled",
                "http_protocol_ipv6": "disabled",
                "http_put_response_hop_limit": 1,
                "http_tokens": "optional",
                "instance_metadata_tags": "disabled"
              }
            ],
            "monitoring": false,
            "network_interface": [],
            "outpost_arn": "",
            "password_data": "",
            "placement_group": "",
            "placement_group_id": "",
            "placement_partition_number": 0,
            "primary_network_interface": [
              {
                "delete_on_termination": true,
                "network_interface_id": "eni-1412df5b03bbabba7"
              }
            ],
            "primary_network_interface_id": "eni-1412df5b03bbabba7",
            "private_dns": "ip-172-31-0-4.ec2.internal",
            "private_dns_name_options": [],
            "private_ip": "172.31.0.4",
            "public_dns": "ec2-54-214-205-35.localhost.localstack.cloud",
            "public_ip": "54.214.205.35",
            "region": "us-east-1",
            "root_block_device": [
              {
                "delete_on_termination": true,
                "device_name": "/dev/sda1",
                "encrypted": false,
                "iops": 0,
                "kms_key_id": "",
                "tags": {
                  "Managed": "terraform",
                  "Project": "phantosio-minecraft"
                },
                "tags_all": {
                  "Managed": "terraform",
                  "Project": "phantosio-minecraft"
                },
                "throughput": 0,
                "volume_id": "vol-9c0f87d0682d783e1",
                "volume_size": 8,
                "volume_type": "gp2"
              }
            ],
            "secondary_private_ips": [],
            "security_groups": [],
            "source_dest_check": true,
            "spot_instance_request_id": "",
            "subnet_id": "subnet-348c19c7e954e096e",
            "tags": {
              "Name": "phantosio-minecraft-host"
            },
            "tags_all": {
              "Managed": "terraform",
              "Name": "phantosio-minecraft-host",
              "Project": "phantosio-minecraft"
            },
            "tenancy": "default",
            "timeouts": null,
            "user_data": "#!/bin/bash\nset -euxo pipefail\n\ndnf update -y\ndnf install -y docker\nsystemctl enable --now docker\n\n# Install docker compose plugin\nmkdir -p /usr/local/lib/docker/cli-plugins\ncurl -L \"https://github.com/docker/compose/releases/latest/download/docker-compose-linux-x86_64\" -o /usr/local/lib/docker/cli-plugins/docker-compose\nchmod +x /usr/local/lib/docker/cli-plugins/docker-compose\n\nmkdir -p /opt/phantosio-minecraft\ncd /opt/phantosio-minecraft\n\ncat \u003e docker-compose.yml \u003c\u003c'COMPOSE'\nversion: '3.8'\n\nservices:\n  lobby:\n    image: itzg/minecraft-server\n    container_name: lobby\n    ports:\n      - 25565:25565\n      - 25575:25575\n    environment:\n      MOTD: \"Vanilla Minecraft, Chill Vibes Only\"\n      EULA: \"TRUE\"\n      RCON_PASSWORD: Test\n      TYPE: PAPER\n      VERSION: 1.19.2\n      MEMORY: 2G\n    restart: always\n    volumes:\n      - ./data/lobby:/data\n      - ./plugins/lobby:/plugins\n\n  rcon:\n    image: itzg/rcon\n    container_name: rcon\n    ports:\n      - 4326:4326\n      - 4327:4327\n    environment:\n      RWA_USERNAME: admin\n      RWA_PASSWORD: admin\n      RWA_ADMIN: \"TRUE\"\n      RWA_RCON_HOST: lobby\n      RWA_RCON_PASSWORD: Test\n    volumes:\n      - ./data/rcon:/opt/rcon-web-admin/db\n    depends_on:\n      - lobby\n\n  proxy:\n    image: itzg/bungeecord\n    container_name: proxy\n    environment:\n      TYPE: WATERFALL\n    volumes:\n      - ./plugins/proxy:/plugins\n      - ./data/proxy:/config\n    depends_on:\n      - lobby\n\n  lobby_backup:\n    image: itzg/mc-backup\n    container_name: lobby_backup\n    environment:\n      BACKUP_INTERVAL: \"2h\"\n      RCON_HOST: lobby\n    volumes:\n      - ./data/lobby:/data:ro\n      - ./mc-backups:/backups\n    depends_on:\n      - lobby\nCOMPOSE\n\ndocker compose up -d\n",
            "user_data_base64": null,
            "user_data_replace_on_change": false,
            "volume_tags": null,
            "vpc_security_group_ids": [
              "sg-ee2fff425afef953a"
            ]
          },
          "sensitive_attributes": [
            [
              {
                "type": "get_attr",
                "value": "user_data"
              }
            ]
          ],
          "identity_schema_version": 0,
          "identity": {
            "account_id": "000000000000",
            "id": "i-9404d0ad2e4b0cc72",
            "region": "us-east-1"
          },
          "private": "eyJlMmJmYjczMC1lY2FhLTExZTYtOGY4OC0zNDM2M2JjN2M0YzAiOnsiY3JlYXRlIjo2MDAwMDAwMDAwMDAsImRlbGV0ZSI6MTIwMDAwMDAwMDAwMCwicmVhZCI6OTAwMDAwMDAwMDAwLCJ1cGRhdGUiOjYwMDAwMDAwMDAwMH0sInNjaGVtYV92ZXJzaW9uIjoiMiJ9",
          "dependencies": [
            "aws_security_group.minecraft",
            "data.aws_ami.al2023",
            "data.aws_subnets.default",
            "data.aws_vpc.default"
          ]
        }
      ]
    },
    {
      "mode": "managed",
      "type": "aws_security_group",
      "name": "minecraft",
      "provider": "provider[\"registry.terraform.io/hashicorp/aws\"]",
      "instances": [
        {
          "schema_version": 1,
          "attributes": {
            "arn": "arn:aws:ec2:us-east-1:000000000000:security-group/sg-ee2fff425afef953a",
            "description": "Security group for Minecraft host",
            "egress": [
              {
                "cidr_blocks": [
                  "0.0.0.0/0"
                ],
                "description": "",
                "from_port": 0,
                "ipv6_cidr_blocks": [],
                "prefix_list_ids": [],
                "protocol": "-1",
                "security_groups": [],
                "self": false,
                "to_port": 0
              }
            ],
            "id": "sg-ee2fff425afef953a",
            "ingress": [
              {
                "cidr_blocks": [
                  "0.0.0.0/0"
                ],
                "description": "Minecraft",
                "from_port": 25565,
                "ipv6_cidr_blocks": [],
                "prefix_list_ids": [],
                "protocol": "tcp",
                "security_groups": [],
                "self": false,
                "to_port": 25565
              },
              {
                "cidr_blocks": [
                  "0.0.0.0/0"
                ],
                "description": "RCON Web Admin",
                "from_port": 4326,
                "ipv6_cidr_blocks": [],
                "prefix_list_ids": [],
                "protocol": "tcp",
                "security_groups": [],
                "self": false,
                "to_port": 4326
              },
              {
                "cidr_blocks": [
                  "0.0.0.0/0"
                ],
                "description": "RCON",
                "from_port": 25575,
                "ipv6_cidr_blocks": [],
                "prefix_list_ids": [],
                "protocol": "tcp",
                "security_groups": [],
                "self": false,
                "to_port": 25575
              },
              {
                "cidr_blocks": [
                  "0.0.0.0/0"
                ],
                "description": "SSH",
                "from_port": 22,
                "ipv6_cidr_blocks": [],
                "prefix_list_ids": [],
                "protocol": "tcp",
                "security_groups": [],
                "self": false,
                "to_port": 22
              }
            ],
            "name": "phantosio-minecraft-20260126230540568500000001",
            "name_prefix": "phantosio-minecraft-",
            "owner_id": "000000000000",
            "region": "us-east-1",
            "revoke_rules_on_delete": false,
            "tags": null,
            "tags_all": {
              "Managed": "terraform",
              "Project": "phantosio-minecraft"
            },
            "timeouts": null,
            "vpc_id": "vpc-f867651acd2128b4b"
          },
          "sensitive_attributes": [],
          "identity_schema_version": 0,
          "identity": {
            "account_id": "000000000000",
            "id": "sg-ee2fff425afef953a",
            "region": "us-east-1"
          },
          "private": "eyJlMmJmYjczMC1lY2FhLTExZTYtOGY4OC0zNDM2M2JjN2M0YzAiOnsiY3JlYXRlIjo2MDAwMDAwMDAwMDAsImRlbGV0ZSI6OTAwMDAwMDAwMDAwfSwic2NoZW1hX3ZlcnNpb24iOiIxIn0=",
          "dependencies": [
            "data.aws_vpc.default"
          ]
        }
      ]
    }
  ],
  "check_results": null
}
