data.aws_availability_zones.available: Reading...
data.aws_region.current: Reading...
data.aws_caller_identity.current: Reading...
data.aws_region.current: Read complete after 0s [id=us-east-1]
data.aws_partition.current: Reading...
data.aws_partition.current: Read complete after 0s [id=aws]
data.aws_caller_identity.current: Read complete after 0s [id=000000000000]
data.aws_availability_zones.available: Read complete after 1s [id=us-east-1]

Terraform used the selected providers to generate the following execution
plan. Resource actions are indicated with the following symbols:
  + create

Terraform will perform the following actions:

  # aws_cloudwatch_log_group.this will be created
  + resource "aws_cloudwatch_log_group" "this" {
      + arn               = (known after apply)
      + id                = (known after apply)
      + log_group_class   = (known after apply)
      + name              = "/ecs/sonarqube"
      + name_prefix       = (known after apply)
      + retention_in_days = 30
      + skip_destroy      = false
      + tags_all          = {
          + "Managed" = "terraform"
          + "Project" = "sonarqube"
        }
    }

  # aws_db_instance.this will be created
  + resource "aws_db_instance" "this" {
      + address                               = (known after apply)
      + allocated_storage                     = 50
      + apply_immediately                     = false
      + arn                                   = (known after apply)
      + auto_minor_version_upgrade            = true
      + availability_zone                     = (known after apply)
      + backup_retention_period               = 7
      + backup_target                         = (known after apply)
      + backup_window                         = (known after apply)
      + ca_cert_identifier                    = (known after apply)
      + character_set_name                    = (known after apply)
      + copy_tags_to_snapshot                 = false
      + database_insights_mode                = (known after apply)
      + db_name                               = "sonarqube"
      + db_subnet_group_name                  = "sonarqube-db-subnets"
      + dedicated_log_volume                  = false
      + delete_automated_backups              = true
      + deletion_protection                   = true
      + domain_fqdn                           = (known after apply)
      + enabled_cloudwatch_logs_exports       = [
          + "postgresql",
          + "upgrade",
        ]
      + endpoint                              = (known after apply)
      + engine                                = "postgres"
      + engine_lifecycle_support              = (known after apply)
      + engine_version                        = "16.3"
      + engine_version_actual                 = (known after apply)
      + final_snapshot_identifier             = (known after apply)
      + hosted_zone_id                        = (known after apply)
      + id                                    = (known after apply)
      + identifier                            = "sonarqube-postgres"
      + identifier_prefix                     = (known after apply)
      + instance_class                        = "db.t4g.medium"
      + iops                                  = (known after apply)
      + kms_key_id                            = (known after apply)
      + latest_restorable_time                = (known after apply)
      + license_model                         = (known after apply)
      + listener_endpoint                     = (known after apply)
      + maintenance_window                    = (known after apply)
      + master_user_secret                    = (known after apply)
      + master_user_secret_kms_key_id         = (known after apply)
      + monitoring_interval                   = 0
      + monitoring_role_arn                   = (known after apply)
      + multi_az                              = true
      + nchar_character_set_name              = (known after apply)
      + network_type                          = (known after apply)
      + option_group_name                     = (known after apply)
      + parameter_group_name                  = (known after apply)
      + password                              = (sensitive value)
      + password_wo                           = (write-only attribute)
      + performance_insights_enabled          = false
      + performance_insights_kms_key_id       = (known after apply)
      + performance_insights_retention_period = (known after apply)
      + port                                  = (known after apply)
      + publicly_accessible                   = false
      + replica_mode                          = (known after apply)
      + replicas                              = (known after apply)
      + resource_id                           = (known after apply)
      + skip_final_snapshot                   = false
      + snapshot_identifier                   = (known after apply)
      + status                                = (known after apply)
      + storage_encrypted                     = true
      + storage_throughput                    = (known after apply)
      + storage_type                          = (known after apply)
      + tags                                  = {
          + "Name" = "sonarqube-postgres"
        }
      + tags_all                              = {
          + "Managed" = "terraform"
          + "Name"    = "sonarqube-postgres"
          + "Project" = "sonarqube"
        }
      + timezone                              = (known after apply)
      + username                              = "sonar"
      + vpc_security_group_ids                = (known after apply)
    }

  # aws_db_subnet_group.this will be created
  + resource "aws_db_subnet_group" "this" {
      + arn                     = (known after apply)
      + description             = "Managed by Terraform"
      + id                      = (known after apply)
      + name                    = "sonarqube-db-subnets"
      + name_prefix             = (known after apply)
      + subnet_ids              = (known after apply)
      + supported_network_types = (known after apply)
      + tags                    = {
          + "Name" = "sonarqube-db-subnets"
        }
      + tags_all                = {
          + "Managed" = "terraform"
          + "Name"    = "sonarqube-db-subnets"
          + "Project" = "sonarqube"
        }
      + vpc_id                  = (known after apply)
    }

  # aws_ecs_cluster.this will be created
  + resource "aws_ecs_cluster" "this" {
      + arn      = (known after apply)
      + id       = (known after apply)
      + name     = "sonarqube-cluster"
      + tags_all = {
          + "Managed" = "terraform"
          + "Project" = "sonarqube"
        }

      + setting (known after apply)
    }

  # aws_ecs_service.this will be created
  + resource "aws_ecs_service" "this" {
      + availability_zone_rebalancing      = "DISABLED"
      + cluster                            = (known after apply)
      + deployment_maximum_percent         = 200
      + deployment_minimum_healthy_percent = 0
      + desired_count                      = 1
      + enable_ecs_managed_tags            = false
      + enable_execute_command             = false
      + iam_role                           = (known after apply)
      + id                                 = (known after apply)
      + launch_type                        = "FARGATE"
      + name                               = "sonarqube-svc"
      + platform_version                   = (known after apply)
      + scheduling_strategy                = "REPLICA"
      + tags_all                           = {
          + "Managed" = "terraform"
          + "Project" = "sonarqube"
        }
      + task_definition                    = (known after apply)
      + triggers                           = (known after apply)
      + wait_for_steady_state              = false

      + load_balancer {
          + container_name   = "sonarqube"
          + container_port   = 9000
          + target_group_arn = (known after apply)
            # (1 unchanged attribute hidden)
        }

      + network_configuration {
          + assign_public_ip = false
          + security_groups  = (known after apply)
          + subnets          = (known after apply)
        }
    }

  # aws_ecs_task_definition.this will be created
  + resource "aws_ecs_task_definition" "this" {
      + arn                      = (known after apply)
      + arn_without_revision     = (known after apply)
      + container_definitions    = (known after apply)
      + cpu                      = "1024"
      + enable_fault_injection   = (known after apply)
      + execution_role_arn       = (known after apply)
      + family                   = "sonarqube"
      + id                       = (known after apply)
      + memory                   = "2048"
      + network_mode             = "awsvpc"
      + requires_compatibilities = [
          + "FARGATE",
        ]
      + revision                 = (known after apply)
      + skip_destroy             = false
      + tags_all                 = {
          + "Managed" = "terraform"
          + "Project" = "sonarqube"
        }
      + task_role_arn            = (known after apply)
      + track_latest             = false

      + volume {
          + configure_at_launch = (known after apply)
          + name                = "sonarqube-efs"
            # (1 unchanged attribute hidden)

          + efs_volume_configuration {
              + file_system_id          = (known after apply)
              + root_directory          = "/"
              + transit_encryption      = "ENABLED"
              + transit_encryption_port = 0

              + authorization_config {
                  + access_point_id = (known after apply)
                  + iam             = "ENABLED"
                }
            }
        }
    }

  # aws_efs_access_point.this will be created
  + resource "aws_efs_access_point" "this" {
      + arn             = (known after apply)
      + file_system_arn = (known after apply)
      + file_system_id  = (known after apply)
      + id              = (known after apply)
      + owner_id        = (known after apply)
      + tags            = {
          + "Name" = "sonarqube-efs-ap"
        }
      + tags_all        = {
          + "Managed" = "terraform"
          + "Name"    = "sonarqube-efs-ap"
          + "Project" = "sonarqube"
        }

      + posix_user {
          + gid = 1000
          + uid = 1000
        }

      + root_directory {
          + path = "/sonarqube"

          + creation_info {
              + owner_gid   = 1000
              + owner_uid   = 1000
              + permissions = "0755"
            }
        }
    }

  # aws_efs_file_system.this will be created
  + resource "aws_efs_file_system" "this" {
      + arn                     = (known after apply)
      + availability_zone_id    = (known after apply)
      + availability_zone_name  = (known after apply)
      + creation_token          = (known after apply)
      + dns_name                = (known after apply)
      + encrypted               = true
      + id                      = (known after apply)
      + kms_key_id              = (known after apply)
      + name                    = (known after apply)
      + number_of_mount_targets = (known after apply)
      + owner_id                = (known after apply)
      + performance_mode        = (known after apply)
      + size_in_bytes           = (known after apply)
      + tags                    = {
          + "Name" = "sonarqube-efs"
        }
      + tags_all                = {
          + "Managed" = "terraform"
          + "Name"    = "sonarqube-efs"
          + "Project" = "sonarqube"
        }
      + throughput_mode         = "bursting"

      + lifecycle_policy {
          + transition_to_ia = "AFTER_30_DAYS"
        }

      + protection (known after apply)
    }

  # aws_efs_mount_target.this["us-east-1a"] will be created
  + resource "aws_efs_mount_target" "this" {
      + availability_zone_id   = (known after apply)
      + availability_zone_name = (known after apply)
      + dns_name               = (known after apply)
      + file_system_arn        = (known after apply)
      + file_system_id         = (known after apply)
      + id                     = (known after apply)
      + ip_address             = (known after apply)
      + mount_target_dns_name  = (known after apply)
      + network_interface_id   = (known after apply)
      + owner_id               = (known after apply)
      + security_groups        = (known after apply)
      + subnet_id              = (known after apply)
    }

  # aws_efs_mount_target.this["us-east-1b"] will be created
  + resource "aws_efs_mount_target" "this" {
      + availability_zone_id   = (known after apply)
      + availability_zone_name = (known after apply)
      + dns_name               = (known after apply)
      + file_system_arn        = (known after apply)
      + file_system_id         = (known after apply)
      + id                     = (known after apply)
      + ip_address             = (known after apply)
      + mount_target_dns_name  = (known after apply)
      + network_interface_id   = (known after apply)
      + owner_id               = (known after apply)
      + security_groups        = (known after apply)
      + subnet_id              = (known after apply)
    }

  # aws_eip.nat will be created
  + resource "aws_eip" "nat" {
      + allocation_id        = (known after apply)
      + arn                  = (known after apply)
      + association_id       = (known after apply)
      + carrier_ip           = (known after apply)
      + customer_owned_ip    = (known after apply)
      + domain               = "vpc"
      + id                   = (known after apply)
      + instance             = (known after apply)
      + ipam_pool_id         = (known after apply)
      + network_border_group = (known after apply)
      + network_interface    = (known after apply)
      + private_dns          = (known after apply)
      + private_ip           = (known after apply)
      + ptr_record           = (known after apply)
      + public_dns           = (known after apply)
      + public_ip            = (known after apply)
      + public_ipv4_pool     = (known after apply)
      + tags                 = {
          + "Name" = "sonarqube-nat-eip"
        }
      + tags_all             = {
          + "Managed" = "terraform"
          + "Name"    = "sonarqube-nat-eip"
          + "Project" = "sonarqube"
        }
      + vpc                  = (known after apply)
    }

  # aws_iam_policy.secrets_read will be created
  + resource "aws_iam_policy" "secrets_read" {
      + arn              = (known after apply)
      + attachment_count = (known after apply)
      + description      = "Allow ECS task to read required secrets"
      + id               = (known after apply)
      + name             = "sonarqube-secrets-read"
      + name_prefix      = (known after apply)
      + path             = "/"
      + policy           = (known after apply)
      + policy_id        = (known after apply)
      + tags_all         = {
          + "Managed" = "terraform"
          + "Project" = "sonarqube"
        }
    }

  # aws_iam_role.ecs_task will be created
  + resource "aws_iam_role" "ecs_task" {
      + arn                   = (known after apply)
      + assume_role_policy    = jsonencode(
            {
              + Statement = [
                  + {
                      + Action    = "sts:AssumeRole"
                      + Effect    = "Allow"
                      + Principal = {
                          + Service = "ecs-tasks.amazonaws.com"
                        }
                    },
                ]
              + Version   = "2012-10-17"
            }
        )
      + create_date           = (known after apply)
      + force_detach_policies = false
      + id                    = (known after apply)
      + managed_policy_arns   = (known after apply)
      + max_session_duration  = 3600
      + name                  = "sonarqube-ecs-task"
      + name_prefix           = (known after apply)
      + path                  = "/"
      + tags_all              = {
          + "Managed" = "terraform"
          + "Project" = "sonarqube"
        }
      + unique_id             = (known after apply)

      + inline_policy (known after apply)
    }

  # aws_iam_role.ecs_task_execution will be created
  + resource "aws_iam_role" "ecs_task_execution" {
      + arn                   = (known after apply)
      + assume_role_policy    = jsonencode(
            {
              + Statement = [
                  + {
                      + Action    = "sts:AssumeRole"
                      + Effect    = "Allow"
                      + Principal = {
                          + Service = "ecs-tasks.amazonaws.com"
                        }
                    },
                ]
              + Version   = "2012-10-17"
            }
        )
      + create_date           = (known after apply)
      + force_detach_policies = false
      + id                    = (known after apply)
      + managed_policy_arns   = (known after apply)
      + max_session_duration  = 3600
      + name                  = "sonarqube-ecs-task-exec"
      + name_prefix           = (known after apply)
      + path                  = "/"
      + tags_all              = {
          + "Managed" = "terraform"
          + "Project" = "sonarqube"
        }
      + unique_id             = (known after apply)

      + inline_policy (known after apply)
    }

  # aws_iam_role_policy_attachment.ecs_task_execution will be created
  + resource "aws_iam_role_policy_attachment" "ecs_task_execution" {
      + id         = (known after apply)
      + policy_arn = "arn:aws:iam::aws:policy/service-role/AmazonECSTaskExecutionRolePolicy"
      + role       = "sonarqube-ecs-task-exec"
    }

  # aws_iam_role_policy_attachment.secrets_read will be created
  + resource "aws_iam_role_policy_attachment" "secrets_read" {
      + id         = (known after apply)
      + policy_arn = (known after apply)
      + role       = "sonarqube-ecs-task"
    }

  # aws_internet_gateway.this will be created
  + resource "aws_internet_gateway" "this" {
      + arn      = (known after apply)
      + id       = (known after apply)
      + owner_id = (known after apply)
      + tags     = {
          + "Name" = "sonarqube-igw"
        }
      + tags_all = {
          + "Managed" = "terraform"
          + "Name"    = "sonarqube-igw"
          + "Project" = "sonarqube"
        }
      + vpc_id   = (known after apply)
    }

  # aws_lb.this will be created
  + resource "aws_lb" "this" {
      + arn                                                          = (known after apply)
      + arn_suffix                                                   = (known after apply)
      + client_keep_alive                                            = 3600
      + desync_mitigation_mode                                       = "defensive"
      + dns_name                                                     = (known after apply)
      + drop_invalid_header_fields                                   = false
      + enable_deletion_protection                                   = false
      + enable_http2                                                 = true
      + enable_tls_version_and_cipher_suite_headers                  = false
      + enable_waf_fail_open                                         = false
      + enable_xff_client_port                                       = false
      + enable_zonal_shift                                           = false
      + enforce_security_group_inbound_rules_on_private_link_traffic = (known after apply)
      + id                                                           = (known after apply)
      + idle_timeout                                                 = 60
      + internal                                                     = (known after apply)
      + ip_address_type                                              = (known after apply)
      + load_balancer_type                                           = "application"
      + name                                                         = "sonarqube-alb"
      + name_prefix                                                  = (known after apply)
      + preserve_host_header                                         = false
      + security_groups                                              = (known after apply)
      + subnets                                                      = (known after apply)
      + tags                                                         = {
          + "Name" = "sonarqube-alb"
        }
      + tags_all                                                     = {
          + "Managed" = "terraform"
          + "Name"    = "sonarqube-alb"
          + "Project" = "sonarqube"
        }
      + vpc_id                                                       = (known after apply)
      + xff_header_processing_mode                                   = "append"
      + zone_id                                                      = (known after apply)

      + subnet_mapping (known after apply)
    }

  # aws_lb_listener.http will be created
  + resource "aws_lb_listener" "http" {
      + arn                                                                   = (known after apply)
      + id                                                                    = (known after apply)
      + load_balancer_arn                                                     = (known after apply)
      + port                                                                  = 80
      + protocol                                                              = "HTTP"
      + routing_http_request_x_amzn_mtls_clientcert_header_name               = (known after apply)
      + routing_http_request_x_amzn_mtls_clientcert_issuer_header_name        = (known after apply)
      + routing_http_request_x_amzn_mtls_clientcert_leaf_header_name          = (known after apply)
      + routing_http_request_x_amzn_mtls_clientcert_serial_number_header_name = (known after apply)
      + routing_http_request_x_amzn_mtls_clientcert_subject_header_name       = (known after apply)
      + routing_http_request_x_amzn_mtls_clientcert_validity_header_name      = (known after apply)
      + routing_http_request_x_amzn_tls_cipher_suite_header_name              = (known after apply)
      + routing_http_request_x_amzn_tls_version_header_name                   = (known after apply)
      + routing_http_response_access_control_allow_credentials_header_value   = (known after apply)
      + routing_http_response_access_control_allow_headers_header_value       = (known after apply)
      + routing_http_response_access_control_allow_methods_header_value       = (known after apply)
      + routing_http_response_access_control_allow_origin_header_value        = (known after apply)
      + routing_http_response_access_control_expose_headers_header_value      = (known after apply)
      + routing_http_response_access_control_max_age_header_value             = (known after apply)
      + routing_http_response_content_security_policy_header_value            = (known after apply)
      + routing_http_response_server_enabled                                  = (known after apply)
      + routing_http_response_strict_transport_security_header_value          = (known after apply)
      + routing_http_response_x_content_type_options_header_value             = (known after apply)
      + routing_http_response_x_frame_options_header_value                    = (known after apply)
      + ssl_policy                                                            = (known after apply)
      + tags_all                                                              = {
          + "Managed" = "terraform"
          + "Project" = "sonarqube"
        }
      + tcp_idle_timeout_seconds                                              = (known after apply)

      + default_action {
          + order = (known after apply)
          + type  = "forward"

          + forward {
              + target_group {
                  + arn    = (known after apply)
                  + weight = 1
                }
            }
        }

      + mutual_authentication (known after apply)
    }

  # aws_lb_target_group.this will be created
  + resource "aws_lb_target_group" "this" {
      + arn                                = (known after apply)
      + arn_suffix                         = (known after apply)
      + connection_termination             = (known after apply)
      + deregistration_delay               = "300"
      + id                                 = (known after apply)
      + ip_address_type                    = (known after apply)
      + lambda_multi_value_headers_enabled = false
      + load_balancer_arns                 = (known after apply)
      + load_balancing_algorithm_type      = (known after apply)
      + load_balancing_anomaly_mitigation  = (known after apply)
      + load_balancing_cross_zone_enabled  = (known after apply)
      + name                               = "sonarqube-tg"
      + name_prefix                        = (known after apply)
      + port                               = 9000
      + preserve_client_ip                 = (known after apply)
      + protocol                           = "HTTP"
      + protocol_version                   = (known after apply)
      + proxy_protocol_v2                  = false
      + slow_start                         = 0
      + tags                               = {
          + "Name" = "sonarqube-tg"
        }
      + tags_all                           = {
          + "Managed" = "terraform"
          + "Name"    = "sonarqube-tg"
          + "Project" = "sonarqube"
        }
      + target_type                        = "ip"
      + vpc_id                             = (known after apply)

      + health_check {
          + enabled             = true
          + healthy_threshold   = 2
          + interval            = 30
          + matcher             = "200-399"
          + path                = "/"
          + port                = "traffic-port"
          + protocol            = "HTTP"
          + timeout             = 10
          + unhealthy_threshold = 5
        }

      + stickiness (known after apply)

      + target_failover (known after apply)

      + target_group_health (known after apply)

      + target_health_state (known after apply)
    }

  # aws_nat_gateway.this will be created
  + resource "aws_nat_gateway" "this" {
      + allocation_id                      = (known after apply)
      + association_id                     = (known after apply)
      + connectivity_type                  = "public"
      + id                                 = (known after apply)
      + network_interface_id               = (known after apply)
      + private_ip                         = (known after apply)
      + public_ip                          = (known after apply)
      + secondary_private_ip_address_count = (known after apply)
      + secondary_private_ip_addresses     = (known after apply)
      + subnet_id                          = (known after apply)
      + tags                               = {
          + "Name" = "sonarqube-nat"
        }
      + tags_all                           = {
          + "Managed" = "terraform"
          + "Name"    = "sonarqube-nat"
          + "Project" = "sonarqube"
        }
    }

  # aws_route.private_nat will be created
  + resource "aws_route" "private_nat" {
      + destination_cidr_block = "0.0.0.0/0"
      + id                     = (known after apply)
      + instance_id            = (known after apply)
      + instance_owner_id      = (known after apply)
      + nat_gateway_id         = (known after apply)
      + network_interface_id   = (known after apply)
      + origin                 = (known after apply)
      + route_table_id         = (known after apply)
      + state                  = (known after apply)
    }

  # aws_route.public_inet will be created
  + resource "aws_route" "public_inet" {
      + destination_cidr_block = "0.0.0.0/0"
      + gateway_id             = (known after apply)
      + id                     = (known after apply)
      + instance_id            = (known after apply)
      + instance_owner_id      = (known after apply)
      + network_interface_id   = (known after apply)
      + origin                 = (known after apply)
      + route_table_id         = (known after apply)
      + state                  = (known after apply)
    }

  # aws_route_table.private will be created
  + resource "aws_route_table" "private" {
      + arn              = (known after apply)
      + id               = (known after apply)
      + owner_id         = (known after apply)
      + propagating_vgws = (known after apply)
      + route            = (known after apply)
      + tags             = {
          + "Name" = "sonarqube-private-rt"
        }
      + tags_all         = {
          + "Managed" = "terraform"
          + "Name"    = "sonarqube-private-rt"
          + "Project" = "sonarqube"
        }
      + vpc_id           = (known after apply)
    }

  # aws_route_table.public will be created
  + resource "aws_route_table" "public" {
      + arn              = (known after apply)
      + id               = (known after apply)
      + owner_id         = (known after apply)
      + propagating_vgws = (known after apply)
      + route            = (known after apply)
      + tags             = {
          + "Name" = "sonarqube-public-rt"
        }
      + tags_all         = {
          + "Managed" = "terraform"
          + "Name"    = "sonarqube-public-rt"
          + "Project" = "sonarqube"
        }
      + vpc_id           = (known after apply)
    }

  # aws_route_table_association.private["us-east-1a"] will be created
  + resource "aws_route_table_association" "private" {
      + id             = (known after apply)
      + route_table_id = (known after apply)
      + subnet_id      = (known after apply)
    }

  # aws_route_table_association.private["us-east-1b"] will be created
  + resource "aws_route_table_association" "private" {
      + id             = (known after apply)
      + route_table_id = (known after apply)
      + subnet_id      = (known after apply)
    }

  # aws_route_table_association.public["us-east-1a"] will be created
  + resource "aws_route_table_association" "public" {
      + id             = (known after apply)
      + route_table_id = (known after apply)
      + subnet_id      = (known after apply)
    }

  # aws_route_table_association.public["us-east-1b"] will be created
  + resource "aws_route_table_association" "public" {
      + id             = (known after apply)
      + route_table_id = (known after apply)
      + subnet_id      = (known after apply)
    }

  # aws_secretsmanager_secret.db will be created
  + resource "aws_secretsmanager_secret" "db" {
      + arn                            = (known after apply)
      + force_overwrite_replica_secret = false
      + id                             = (known after apply)
      + name                           = "sonarqube/db"
      + name_prefix                    = (known after apply)
      + policy                         = (known after apply)
      + recovery_window_in_days        = 7
      + tags                           = {
          + "Name" = "sonarqube-db-secret"
        }
      + tags_all                       = {
          + "Managed" = "terraform"
          + "Name"    = "sonarqube-db-secret"
          + "Project" = "sonarqube"
        }

      + replica (known after apply)
    }

  # aws_secretsmanager_secret_version.db will be created
  + resource "aws_secretsmanager_secret_version" "db" {
      + arn                  = (known after apply)
      + has_secret_string_wo = (known after apply)
      + id                   = (known after apply)
      + secret_id            = (known after apply)
      + secret_string        = (sensitive value)
      + secret_string_wo     = (write-only attribute)
      + version_id           = (known after apply)
      + version_stages       = (known after apply)
    }

  # aws_security_group.alb will be created
  + resource "aws_security_group" "alb" {
      + arn                    = (known after apply)
      + description            = "ALB ingress"
      + egress                 = [
          + {
              + cidr_blocks      = [
                  + "0.0.0.0/0",
                ]
              + from_port        = 0
              + ipv6_cidr_blocks = []
              + prefix_list_ids  = []
              + protocol         = "-1"
              + security_groups  = []
              + self             = false
              + to_port          = 0
                # (1 unchanged attribute hidden)
            },
        ]
      + id                     = (known after apply)
      + ingress                = [
          + {
              + cidr_blocks      = [
                  + "0.0.0.0/0",
                ]
              + description      = "HTTP"
              + from_port        = 80
              + ipv6_cidr_blocks = []
              + prefix_list_ids  = []
              + protocol         = "tcp"
              + security_groups  = []
              + self             = false
              + to_port          = 80
            },
          + {
              + cidr_blocks      = [
                  + "0.0.0.0/0",
                ]
              + description      = "HTTPS"
              + from_port        = 443
              + ipv6_cidr_blocks = []
              + prefix_list_ids  = []
              + protocol         = "tcp"
              + security_groups  = []
              + self             = false
              + to_port          = 443
            },
        ]
      + name                   = "sonarqube-alb-sg"
      + name_prefix            = (known after apply)
      + owner_id               = (known after apply)
      + revoke_rules_on_delete = false
      + tags                   = {
          + "Name" = "sonarqube-alb-sg"
        }
      + tags_all               = {
          + "Managed" = "terraform"
          + "Name"    = "sonarqube-alb-sg"
          + "Project" = "sonarqube"
        }
      + vpc_id                 = (known after apply)
    }

  # aws_security_group.ecs will be created
  + resource "aws_security_group" "ecs" {
      + arn                    = (known after apply)
      + description            = "ECS tasks"
      + egress                 = [
          + {
              + cidr_blocks      = [
                  + "0.0.0.0/0",
                ]
              + from_port        = 0
              + ipv6_cidr_blocks = []
              + prefix_list_ids  = []
              + protocol         = "-1"
              + security_groups  = []
              + self             = false
              + to_port          = 0
                # (1 unchanged attribute hidden)
            },
        ]
      + id                     = (known after apply)
      + ingress                = [
          + {
              + cidr_blocks      = []
              + description      = "From ALB"
              + from_port        = 9000
              + ipv6_cidr_blocks = []
              + prefix_list_ids  = []
              + protocol         = "tcp"
              + security_groups  = (known after apply)
              + self             = false
              + to_port          = 9000
            },
        ]
      + name                   = "sonarqube-ecs-sg"
      + name_prefix            = (known after apply)
      + owner_id               = (known after apply)
      + revoke_rules_on_delete = false
      + tags                   = {
          + "Name" = "sonarqube-ecs-sg"
        }
      + tags_all               = {
          + "Managed" = "terraform"
          + "Name"    = "sonarqube-ecs-sg"
          + "Project" = "sonarqube"
        }
      + vpc_id                 = (known after apply)
    }

  # aws_security_group.efs will be created
  + resource "aws_security_group" "efs" {
      + arn                    = (known after apply)
      + description            = "EFS"
      + egress                 = [
          + {
              + cidr_blocks      = [
                  + "0.0.0.0/0",
                ]
              + from_port        = 0
              + ipv6_cidr_blocks = []
              + prefix_list_ids  = []
              + protocol         = "-1"
              + security_groups  = []
              + self             = false
              + to_port          = 0
                # (1 unchanged attribute hidden)
            },
        ]
      + id                     = (known after apply)
      + ingress                = [
          + {
              + cidr_blocks      = []
              + description      = "NFS from ECS"
              + from_port        = 2049
              + ipv6_cidr_blocks = []
              + prefix_list_ids  = []
              + protocol         = "tcp"
              + security_groups  = (known after apply)
              + self             = false
              + to_port          = 2049
            },
        ]
      + name                   = "sonarqube-efs-sg"
      + name_prefix            = (known after apply)
      + owner_id               = (known after apply)
      + revoke_rules_on_delete = false
      + tags                   = {
          + "Name" = "sonarqube-efs-sg"
        }
      + tags_all               = {
          + "Managed" = "terraform"
          + "Name"    = "sonarqube-efs-sg"
          + "Project" = "sonarqube"
        }
      + vpc_id                 = (known after apply)
    }

  # aws_security_group.rds will be created
  + resource "aws_security_group" "rds" {
      + arn                    = (known after apply)
      + description            = "RDS"
      + egress                 = [
          + {
              + cidr_blocks      = [
                  + "0.0.0.0/0",
                ]
              + from_port        = 0
              + ipv6_cidr_blocks = []
              + prefix_list_ids  = []
              + protocol         = "-1"
              + security_groups  = []
              + self             = false
              + to_port          = 0
                # (1 unchanged attribute hidden)
            },
        ]
      + id                     = (known after apply)
      + ingress                = [
          + {
              + cidr_blocks      = []
              + description      = "Postgres from ECS"
              + from_port        = 5432
              + ipv6_cidr_blocks = []
              + prefix_list_ids  = []
              + protocol         = "tcp"
              + security_groups  = (known after apply)
              + self             = false
              + to_port          = 5432
            },
        ]
      + name                   = "sonarqube-rds-sg"
      + name_prefix            = (known after apply)
      + owner_id               = (known after apply)
      + revoke_rules_on_delete = false
      + tags                   = {
          + "Name" = "sonarqube-rds-sg"
        }
      + tags_all               = {
          + "Managed" = "terraform"
          + "Name"    = "sonarqube-rds-sg"
          + "Project" = "sonarqube"
        }
      + vpc_id                 = (known after apply)
    }

  # aws_subnet.private["us-east-1a"] will be created
  + resource "aws_subnet" "private" {
      + arn                                            = (known after apply)
      + assign_ipv6_address_on_creation                = false
      + availability_zone                              = "us-east-1a"
      + availability_zone_id                           = (known after apply)
      + cidr_block                                     = "10.20.10.0/24"
      + enable_dns64                                   = false
      + enable_resource_name_dns_a_record_on_launch    = false
      + enable_resource_name_dns_aaaa_record_on_launch = false
      + id                                             = (known after apply)
      + ipv6_cidr_block_association_id                 = (known after apply)
      + ipv6_native                                    = false
      + map_public_ip_on_launch                        = false
      + owner_id                                       = (known after apply)
      + private_dns_hostname_type_on_launch            = (known after apply)
      + tags                                           = {
          + "Name" = "sonarqube-private-us-east-1a"
          + "Tier" = "private"
        }
      + tags_all                                       = {
          + "Managed" = "terraform"
          + "Name"    = "sonarqube-private-us-east-1a"
          + "Project" = "sonarqube"
          + "Tier"    = "private"
        }
      + vpc_id                                         = (known after apply)
    }

  # aws_subnet.private["us-east-1b"] will be created
  + resource "aws_subnet" "private" {
      + arn                                            = (known after apply)
      + assign_ipv6_address_on_creation                = false
      + availability_zone                              = "us-east-1b"
      + availability_zone_id                           = (known after apply)
      + cidr_block                                     = "10.20.11.0/24"
      + enable_dns64                                   = false
      + enable_resource_name_dns_a_record_on_launch    = false
      + enable_resource_name_dns_aaaa_record_on_launch = false
      + id                                             = (known after apply)
      + ipv6_cidr_block_association_id                 = (known after apply)
      + ipv6_native                                    = false
      + map_public_ip_on_launch                        = false
      + owner_id                                       = (known after apply)
      + private_dns_hostname_type_on_launch            = (known after apply)
      + tags                                           = {
          + "Name" = "sonarqube-private-us-east-1b"
          + "Tier" = "private"
        }
      + tags_all                                       = {
          + "Managed" = "terraform"
          + "Name"    = "sonarqube-private-us-east-1b"
          + "Project" = "sonarqube"
          + "Tier"    = "private"
        }
      + vpc_id                                         = (known after apply)
    }

  # aws_subnet.public["us-east-1a"] will be created
  + resource "aws_subnet" "public" {
      + arn                                            = (known after apply)
      + assign_ipv6_address_on_creation                = false
      + availability_zone                              = "us-east-1a"
      + availability_zone_id                           = (known after apply)
      + cidr_block                                     = "10.20.0.0/24"
      + enable_dns64                                   = false
      + enable_resource_name_dns_a_record_on_launch    = false
      + enable_resource_name_dns_aaaa_record_on_launch = false
      + id                                             = (known after apply)
      + ipv6_cidr_block_association_id                 = (known after apply)
      + ipv6_native                                    = false
      + map_public_ip_on_launch                        = true
      + owner_id                                       = (known after apply)
      + private_dns_hostname_type_on_launch            = (known after apply)
      + tags                                           = {
          + "Name" = "sonarqube-public-us-east-1a"
          + "Tier" = "public"
        }
      + tags_all                                       = {
          + "Managed" = "terraform"
          + "Name"    = "sonarqube-public-us-east-1a"
          + "Project" = "sonarqube"
          + "Tier"    = "public"
        }
      + vpc_id                                         = (known after apply)
    }

  # aws_subnet.public["us-east-1b"] will be created
  + resource "aws_subnet" "public" {
      + arn                                            = (known after apply)
      + assign_ipv6_address_on_creation                = false
      + availability_zone                              = "us-east-1b"
      + availability_zone_id                           = (known after apply)
      + cidr_block                                     = "10.20.1.0/24"
      + enable_dns64                                   = false
      + enable_resource_name_dns_a_record_on_launch    = false
      + enable_resource_name_dns_aaaa_record_on_launch = false
      + id                                             = (known after apply)
      + ipv6_cidr_block_association_id                 = (known after apply)
      + ipv6_native                                    = false
      + map_public_ip_on_launch                        = true
      + owner_id                                       = (known after apply)
      + private_dns_hostname_type_on_launch            = (known after apply)
      + tags                                           = {
          + "Name" = "sonarqube-public-us-east-1b"
          + "Tier" = "public"
        }
      + tags_all                                       = {
          + "Managed" = "terraform"
          + "Name"    = "sonarqube-public-us-east-1b"
          + "Project" = "sonarqube"
          + "Tier"    = "public"
        }
      + vpc_id                                         = (known after apply)
    }

  # aws_vpc.this will be created
  + resource "aws_vpc" "this" {
      + arn                                  = (known after apply)
      + cidr_block                           = "10.20.0.0/16"
      + default_network_acl_id               = (known after apply)
      + default_route_table_id               = (known after apply)
      + default_security_group_id            = (known after apply)
      + dhcp_options_id                      = (known after apply)
      + enable_dns_hostnames                 = true
      + enable_dns_support                   = true
      + enable_network_address_usage_metrics = (known after apply)
      + id                                   = (known after apply)
      + instance_tenancy                     = "default"
      + ipv6_association_id                  = (known after apply)
      + ipv6_cidr_block                      = (known after apply)
      + ipv6_cidr_block_network_border_group = (known after apply)
      + main_route_table_id                  = (known after apply)
      + owner_id                             = (known after apply)
      + tags                                 = {
          + "Name" = "sonarqube-vpc"
        }
      + tags_all                             = {
          + "Managed" = "terraform"
          + "Name"    = "sonarqube-vpc"
          + "Project" = "sonarqube"
        }
    }

  # random_password.db will be created
  + resource "random_password" "db" {
      + bcrypt_hash = (sensitive value)
      + id          = (known after apply)
      + length      = 24
      + lower       = true
      + min_lower   = 0
      + min_numeric = 0
      + min_special = 0
      + min_upper   = 0
      + number      = true
      + numeric     = true
      + result      = (sensitive value)
      + special     = true
      + upper       = true
    }

Plan: 41 to add, 0 to change, 0 to destroy.

Changes to Outputs:
  + alb_dns_name  = (known after apply)
  + db_secret_arn = (known after apply)
  + efs_id        = (known after apply)
  + rds_endpoint  = (known after apply)
  + sonarqube_url = (known after apply)
