{"format_version":"1.2","terraform_version":"1.13.5","variables":{"acm_certificate_arn":{"value":""},"alb_access_logs_bucket_name":{"value":""},"allowed_ingress_cidrs":{"value":["0.0.0.0/0"]},"aws_region":{"value":"us-east-1"},"az_count":{"value":2},"custom_ca_pem":{"value":""},"db_allocated_storage":{"value":50},"db_engine_version":{"value":"16.3"},"db_instance_class":{"value":"db.t4g.medium"},"db_multi_az":{"value":true},"db_name":{"value":"sonarqube"},"db_username":{"value":"sonar"},"desired_count":{"value":1},"domain_name":{"value":""},"ecs_cpu":{"value":1024},"ecs_memory":{"value":2048},"enable_alb_access_logs":{"value":false},"name":{"value":"sonarqube"},"sonarqube_image":{"value":"sonarqube:10.4.1-community"},"subdomain":{"value":"sonarqube"},"tags":{"value":{"Managed":"terraform","Project":"sonarqube"}},"terraform_state_bucket_name":{"value":""},"vpc_cidr":{"value":"10.20.0.0/16"}},"planned_values":{"outputs":{"alb_dns_name":{"sensitive":false},"db_secret_arn":{"sensitive":false},"efs_id":{"sensitive":false},"rds_endpoint":{"sensitive":false},"sonarqube_url":{"sensitive":false}},"root_module":{"resources":[{"address":"aws_cloudwatch_log_group.this","mode":"managed","type":"aws_cloudwatch_log_group","name":"this","provider_name":"registry.terraform.io/hashicorp/aws","schema_version":0,"values":{"kms_key_id":null,"name":"/ecs/sonarqube","retention_in_days":30,"skip_destroy":false,"tags":null,"tags_all":{"Managed":"terraform","Project":"sonarqube"}},"sensitive_values":{"tags_all":{}}},{"address":"aws_db_instance.this","mode":"managed","type":"aws_db_instance","name":"this","provider_name":"registry.terraform.io/hashicorp/aws","schema_version":2,"values":{"allocated_storage":50,"allow_major_version_upgrade":null,"apply_immediately":false,"auto_minor_version_upgrade":true,"backup_retention_period":7,"blue_green_update":[],"copy_tags_to_snapshot":false,"custom_iam_instance_profile":null,"customer_owned_ip_enabled":null,"db_name":"sonarqube","db_subnet_group_name":"sonarqube-db-subnets","dedicated_log_volume":false,"delete_automated_backups":true,"deletion_protection":true,"domain":null,"domain_auth_secret_arn":null,"domain_dns_ips":null,"domain_iam_role_name":null,"domain_ou":null,"enabled_cloudwatch_logs_exports":["postgresql","upgrade"],"engine":"postgres","engine_version":"16.3","iam_database_authentication_enabled":null,"identifier":"sonarqube-postgres","instance_class":"db.t4g.medium","manage_master_user_password":null,"max_allocated_storage":null,"monitoring_interval":0,"multi_az":true,"password_wo":null,"password_wo_version":null,"performance_insights_enabled":false,"publicly_accessible":false,"replicate_source_db":null,"restore_to_point_in_time":[],"s3_import":[],"skip_final_snapshot":false,"storage_encrypted":true,"tags":{"Name":"sonarqube-postgres"},"tags_all":{"Managed":"terraform","Name":"sonarqube-postgres","Project":"sonarqube"},"timeouts":null,"upgrade_storage_config":null,"username":"sonar"},"sensitive_values":{"blue_green_update":[],"enabled_cloudwatch_logs_exports":[false,false],"listener_endpoint":[],"master_user_secret":[],"password":true,"password_wo":true,"replicas":[],"restore_to_point_in_time":[],"s3_import":[],"tags":{},"tags_all":{},"vpc_security_group_ids":[]}},{"address":"aws_db_subnet_group.this","mode":"managed","type":"aws_db_subnet_group","name":"this","provider_name":"registry.terraform.io/hashicorp/aws","schema_version":0,"values":{"description":"Managed by Terraform","name":"sonarqube-db-subnets","tags":{"Name":"sonarqube-db-subnets"},"tags_all":{"Managed":"terraform","Name":"sonarqube-db-subnets","Project":"sonarqube"}},"sensitive_values":{"subnet_ids":[],"supported_network_types":[],"tags":{},"tags_all":{}}},{"address":"aws_ecs_cluster.this","mode":"managed","type":"aws_ecs_cluster","name":"this","provider_name":"registry.terraform.io/hashicorp/aws","schema_version":0,"values":{"configuration":[],"name":"sonarqube-cluster","service_connect_defaults":[],"tags":null,"tags_all":{"Managed":"terraform","Project":"sonarqube"}},"sensitive_values":{"configuration":[],"service_connect_defaults":[],"setting":[],"tags_all":{}}},{"address":"aws_ecs_service.this","mode":"managed","type":"aws_ecs_service","name":"this","provider_name":"registry.terraform.io/hashicorp/aws","schema_version":1,"values":{"alarms":[],"availability_zone_rebalancing":"DISABLED","capacity_provider_strategy":[],"deployment_circuit_breaker":[],"deployment_controller":[],"deployment_maximum_percent":200,"deployment_minimum_healthy_percent":0,"desired_count":1,"enable_ecs_managed_tags":false,"enable_execute_command":false,"force_delete":null,"force_new_deployment":null,"health_check_grace_period_seconds":null,"launch_type":"FARGATE","load_balancer":[{"container_name":"sonarqube","container_port":9000,"elb_name":""}],"name":"sonarqube-svc","network_configuration":[{"assign_public_ip":false}],"ordered_placement_strategy":[],"placement_constraints":[],"propagate_tags":null,"scheduling_strategy":"REPLICA","service_connect_configuration":[],"service_registries":[],"tags":null,"tags_all":{"Managed":"terraform","Project":"sonarqube"},"timeouts":null,"volume_configuration":[],"vpc_lattice_configurations":[],"wait_for_steady_state":false},"sensitive_values":{"alarms":[],"capacity_provider_strategy":[],"deployment_circuit_breaker":[],"deployment_controller":[],"load_balancer":[{}],"network_configuration":[{"security_groups":[],"subnets":[]}],"ordered_placement_strategy":[],"placement_constraints":[],"service_connect_configuration":[],"service_registries":[],"tags_all":{},"triggers":{},"volume_configuration":[],"vpc_lattice_configurations":[]}},{"address":"aws_ecs_task_definition.this","mode":"managed","type":"aws_ecs_task_definition","name":"this","provider_name":"registry.terraform.io/hashicorp/aws","schema_version":1,"values":{"cpu":"1024","ephemeral_storage":[],"family":"sonarqube","inference_accelerator":[],"ipc_mode":null,"memory":"2048","network_mode":"awsvpc","pid_mode":null,"placement_constraints":[],"proxy_configuration":[],"requires_compatibilities":["FARGATE"],"runtime_platform":[],"skip_destroy":false,"tags":null,"tags_all":{"Managed":"terraform","Project":"sonarqube"},"track_latest":false,"volume":[{"docker_volume_configuration":[],"efs_volume_configuration":[{"authorization_config":[{"iam":"ENABLED"}],"root_directory":"/","transit_encryption":"ENABLED","transit_encryption_port":0}],"fsx_windows_file_server_volume_configuration":[],"host_path":"","name":"sonarqube-efs"}]},"sensitive_values":{"ephemeral_storage":[],"inference_accelerator":[],"placement_constraints":[],"proxy_configuration":[],"requires_compatibilities":[false],"runtime_platform":[],"tags_all":{},"volume":[{"docker_volume_configuration":[],"efs_volume_configuration":[{"authorization_config":[{}]}],"fsx_windows_file_server_volume_configuration":[]}]}},{"address":"aws_efs_access_point.this","mode":"managed","type":"aws_efs_access_point","name":"this","provider_name":"registry.terraform.io/hashicorp/aws","schema_version":0,"values":{"posix_user":[{"gid":1000,"secondary_gids":null,"uid":1000}],"root_directory":[{"creation_info":[{"owner_gid":1000,"owner_uid":1000,"permissions":"0755"}],"path":"/sonarqube"}],"tags":{"Name":"sonarqube-efs-ap"},"tags_all":{"Managed":"terraform","Name":"sonarqube-efs-ap","Project":"sonarqube"}},"sensitive_values":{"posix_user":[{}],"root_directory":[{"creation_info":[{}]}],"tags":{},"tags_all":{}}},{"address":"aws_efs_file_system.this","mode":"managed","type":"aws_efs_file_system","name":"this","provider_name":"registry.terraform.io/hashicorp/aws","schema_version":0,"values":{"encrypted":true,"lifecycle_policy":[{"transition_to_archive":null,"transition_to_ia":"AFTER_30_DAYS","transition_to_primary_storage_class":null}],"provisioned_throughput_in_mibps":null,"tags":{"Name":"sonarqube-efs"},"tags_all":{"Managed":"terraform","Name":"sonarqube-efs","Project":"sonarqube"},"throughput_mode":"bursting"},"sensitive_values":{"lifecycle_policy":[{}],"protection":[],"size_in_bytes":[],"tags":{},"tags_all":{}}},{"address":"aws_efs_mount_target.this[\"us-east-1a\"]","mode":"managed","type":"aws_efs_mount_target","name":"this","index":"us-east-1a","provider_name":"registry.terraform.io/hashicorp/aws","schema_version":0,"values":{"timeouts":null},"sensitive_values":{"security_groups":[]}},{"address":"aws_efs_mount_target.this[\"us-east-1b\"]","mode":"managed","type":"aws_efs_mount_target","name":"this","index":"us-east-1b","provider_name":"registry.terraform.io/hashicorp/aws","schema_version":0,"values":{"timeouts":null},"sensitive_values":{"security_groups":[]}},{"address":"aws_eip.nat","mode":"managed","type":"aws_eip","name":"nat","provider_name":"registry.terraform.io/hashicorp/aws","schema_version":0,"values":{"address":null,"associate_with_private_ip":null,"customer_owned_ipv4_pool":null,"domain":"vpc","tags":{"Name":"sonarqube-nat-eip"},"tags_all":{"Managed":"terraform","Name":"sonarqube-nat-eip","Project":"sonarqube"},"timeouts":null},"sensitive_values":{"tags":{},"tags_all":{}}},{"address":"aws_iam_policy.secrets_read","mode":"managed","type":"aws_iam_policy","name":"secrets_read","provider_name":"registry.terraform.io/hashicorp/aws","schema_version":0,"values":{"description":"Allow ECS task to read required secrets","name":"sonarqube-secrets-read","path":"/","tags":null,"tags_all":{"Managed":"terraform","Project":"sonarqube"}},"sensitive_values":{"tags_all":{}}},{"address":"aws_iam_role.ecs_task","mode":"managed","type":"aws_iam_role","name":"ecs_task","provider_name":"registry.terraform.io/hashicorp/aws","schema_version":0,"values":{"assume_role_policy":"{\"Statement\":[{\"Action\":\"sts:AssumeRole\",\"Effect\":\"Allow\",\"Principal\":{\"Service\":\"ecs-tasks.amazonaws.com\"}}],\"Version\":\"2012-10-17\"}","description":null,"force_detach_policies":false,"max_session_duration":3600,"name":"sonarqube-ecs-task","path":"/","permissions_boundary":null,"tags":null,"tags_all":{"Managed":"terraform","Project":"sonarqube"}},"sensitive_values":{"inline_policy":[],"managed_policy_arns":[],"tags_all":{}}},{"address":"aws_iam_role.ecs_task_execution","mode":"managed","type":"aws_iam_role","name":"ecs_task_execution","provider_name":"registry.terraform.io/hashicorp/aws","schema_version":0,"values":{"assume_role_policy":"{\"Statement\":[{\"Action\":\"sts:AssumeRole\",\"Effect\":\"Allow\",\"Principal\":{\"Service\":\"ecs-tasks.amazonaws.com\"}}],\"Version\":\"2012-10-17\"}","description":null,"force_detach_policies":false,"max_session_duration":3600,"name":"sonarqube-ecs-task-exec","path":"/","permissions_boundary":null,"tags":null,"tags_all":{"Managed":"terraform","Project":"sonarqube"}},"sensitive_values":{"inline_policy":[],"managed_policy_arns":[],"tags_all":{}}},{"address":"aws_iam_role_policy_attachment.ecs_task_execution","mode":"managed","type":"aws_iam_role_policy_attachment","name":"ecs_task_execution","provider_name":"registry.terraform.io/hashicorp/aws","schema_version":0,"values":{"policy_arn":"arn:aws:iam::aws:policy/service-role/AmazonECSTaskExecutionRolePolicy","role":"sonarqube-ecs-task-exec"},"sensitive_values":{}},{"address":"aws_iam_role_policy_attachment.secrets_read","mode":"managed","type":"aws_iam_role_policy_attachment","name":"secrets_read","provider_name":"registry.terraform.io/hashicorp/aws","schema_version":0,"values":{"role":"sonarqube-ecs-task"},"sensitive_values":{}},{"address":"aws_internet_gateway.this","mode":"managed","type":"aws_internet_gateway","name":"this","provider_name":"registry.terraform.io/hashicorp/aws","schema_version":0,"values":{"tags":{"Name":"sonarqube-igw"},"tags_all":{"Managed":"terraform","Name":"sonarqube-igw","Project":"sonarqube"},"timeouts":null},"sensitive_values":{"tags":{},"tags_all":{}}},{"address":"aws_lb.this","mode":"managed","type":"aws_lb","name":"this","provider_name":"registry.terraform.io/hashicorp/aws","schema_version":0,"values":{"access_logs":[],"client_keep_alive":3600,"connection_logs":[],"customer_owned_ipv4_pool":null,"desync_mitigation_mode":"defensive","dns_record_client_routing_policy":null,"drop_invalid_header_fields":false,"enable_cross_zone_load_balancing":null,"enable_deletion_protection":false,"enable_http2":true,"enable_tls_version_and_cipher_suite_headers":false,"enable_waf_fail_open":false,"enable_xff_client_port":false,"enable_zonal_shift":false,"idle_timeout":60,"ipam_pools":[],"load_balancer_type":"application","minimum_load_balancer_capacity":[],"name":"sonarqube-alb","preserve_host_header":false,"tags":{"Name":"sonarqube-alb"},"tags_all":{"Managed":"terraform","Name":"sonarqube-alb","Project":"sonarqube"},"timeouts":null,"xff_header_processing_mode":"append"},"sensitive_values":{"access_logs":[],"connection_logs":[],"ipam_pools":[],"minimum_load_balancer_capacity":[],"security_groups":[],"subnet_mapping":[],"subnets":[],"tags":{},"tags_all":{}}},{"address":"aws_lb_listener.http","mode":"managed","type":"aws_lb_listener","name":"http","provider_name":"registry.terraform.io/hashicorp/aws","schema_version":0,"values":{"alpn_policy":null,"certificate_arn":null,"default_action":[{"authenticate_cognito":[],"authenticate_oidc":[],"fixed_response":[],"forward":[{"stickiness":[],"target_group":[{"weight":1}]}],"redirect":[],"target_group_arn":null,"type":"forward"}],"port":80,"protocol":"HTTP","tags":null,"tags_all":{"Managed":"terraform","Project":"sonarqube"},"timeouts":null},"sensitive_values":{"default_action":[{"authenticate_cognito":[],"authenticate_oidc":[],"fixed_response":[],"forward":[{"stickiness":[],"target_group":[{}]}],"redirect":[]}],"mutual_authentication":[],"tags_all":{}}},{"address":"aws_lb_target_group.this","mode":"managed","type":"aws_lb_target_group","name":"this","provider_name":"registry.terraform.io/hashicorp/aws","schema_version":0,"values":{"deregistration_delay":"300","health_check":[{"enabled":true,"healthy_threshold":2,"interval":30,"matcher":"200-399","path":"/","port":"traffic-port","protocol":"HTTP","timeout":10,"unhealthy_threshold":5}],"lambda_multi_value_headers_enabled":false,"name":"sonarqube-tg","port":9000,"protocol":"HTTP","proxy_protocol_v2":false,"slow_start":0,"tags":{"Name":"sonarqube-tg"},"tags_all":{"Managed":"terraform","Name":"sonarqube-tg","Project":"sonarqube"},"target_type":"ip"},"sensitive_values":{"health_check":[{}],"load_balancer_arns":[],"stickiness":[],"tags":{},"tags_all":{},"target_failover":[],"target_group_health":[],"target_health_state":[]}},{"address":"aws_nat_gateway.this","mode":"managed","type":"aws_nat_gateway","name":"this","provider_name":"registry.terraform.io/hashicorp/aws","schema_version":0,"values":{"connectivity_type":"public","secondary_allocation_ids":null,"tags":{"Name":"sonarqube-nat"},"tags_all":{"Managed":"terraform","Name":"sonarqube-nat","Project":"sonarqube"},"timeouts":null},"sensitive_values":{"secondary_private_ip_addresses":[],"tags":{},"tags_all":{}}},{"address":"aws_route.private_nat","mode":"managed","type":"aws_route","name":"private_nat","provider_name":"registry.terraform.io/hashicorp/aws","schema_version":0,"values":{"carrier_gateway_id":null,"core_network_arn":null,"destination_cidr_block":"0.0.0.0/0","destination_ipv6_cidr_block":null,"destination_prefix_list_id":null,"egress_only_gateway_id":null,"gateway_id":null,"local_gateway_id":null,"timeouts":null,"transit_gateway_id":null,"vpc_endpoint_id":null,"vpc_peering_connection_id":null},"sensitive_values":{}},{"address":"aws_route.public_inet","mode":"managed","type":"aws_route","name":"public_inet","provider_name":"registry.terraform.io/hashicorp/aws","schema_version":0,"values":{"carrier_gateway_id":null,"core_network_arn":null,"destination_cidr_block":"0.0.0.0/0","destination_ipv6_cidr_block":null,"destination_prefix_list_id":null,"egress_only_gateway_id":null,"local_gateway_id":null,"nat_gateway_id":null,"timeouts":null,"transit_gateway_id":null,"vpc_endpoint_id":null,"vpc_peering_connection_id":null},"sensitive_values":{}},{"address":"aws_route_table.private","mode":"managed","type":"aws_route_table","name":"private","provider_name":"registry.terraform.io/hashicorp/aws","schema_version":0,"values":{"tags":{"Name":"sonarqube-private-rt"},"tags_all":{"Managed":"terraform","Name":"sonarqube-private-rt","Project":"sonarqube"},"timeouts":null},"sensitive_values":{"propagating_vgws":[],"route":[],"tags":{},"tags_all":{}}},{"address":"aws_route_table.public","mode":"managed","type":"aws_route_table","name":"public","provider_name":"registry.terraform.io/hashicorp/aws","schema_version":0,"values":{"tags":{"Name":"sonarqube-public-rt"},"tags_all":{"Managed":"terraform","Name":"sonarqube-public-rt","Project":"sonarqube"},"timeouts":null},"sensitive_values":{"propagating_vgws":[],"route":[],"tags":{},"tags_all":{}}},{"address":"aws_route_table_association.private[\"us-east-1a\"]","mode":"managed","type":"aws_route_table_association","name":"private","index":"us-east-1a","provider_name":"registry.terraform.io/hashicorp/aws","schema_version":0,"values":{"gateway_id":null,"timeouts":null},"sensitive_values":{}},{"address":"aws_route_table_association.private[\"us-east-1b\"]","mode":"managed","type":"aws_route_table_association","name":"private","index":"us-east-1b","provider_name":"registry.terraform.io/hashicorp/aws","schema_version":0,"values":{"gateway_id":null,"timeouts":null},"sensitive_values":{}},{"address":"aws_route_table_association.public[\"us-east-1a\"]","mode":"managed","type":"aws_route_table_association","name":"public","index":"us-east-1a","provider_name":"registry.terraform.io/hashicorp/aws","schema_version":0,"values":{"gateway_id":null,"timeouts":null},"sensitive_values":{}},{"address":"aws_route_table_association.public[\"us-east-1b\"]","mode":"managed","type":"aws_route_table_association","name":"public","index":"us-east-1b","provider_name":"registry.terraform.io/hashicorp/aws","schema_version":0,"values":{"gateway_id":null,"timeouts":null},"sensitive_values":{}},{"address":"aws_secretsmanager_secret.db","mode":"managed","type":"aws_secretsmanager_secret","name":"db","provider_name":"registry.terraform.io/hashicorp/aws","schema_version":0,"values":{"description":null,"force_overwrite_replica_secret":false,"kms_key_id":null,"name":"sonarqube/db","recovery_window_in_days":7,"tags":{"Name":"sonarqube-db-secret"},"tags_all":{"Managed":"terraform","Name":"sonarqube-db-secret","Project":"sonarqube"}},"sensitive_values":{"replica":[],"tags":{},"tags_all":{}}},{"address":"aws_secretsmanager_secret_version.db","mode":"managed","type":"aws_secretsmanager_secret_version","name":"db","provider_name":"registry.terraform.io/hashicorp/aws","schema_version":0,"values":{"secret_binary":null,"secret_string_wo":null,"secret_string_wo_version":null},"sensitive_values":{"secret_binary":true,"secret_string":true,"secret_string_wo":true,"version_stages":[]}},{"address":"aws_security_group.alb","mode":"managed","type":"aws_security_group","name":"alb","provider_name":"registry.terraform.io/hashicorp/aws","schema_version":1,"values":{"description":"ALB ingress","egress":[{"cidr_blocks":["0.0.0.0/0"],"description":"","from_port":0,"ipv6_cidr_blocks":[],"prefix_list_ids":[],"protocol":"-1","security_groups":[],"self":false,"to_port":0}],"ingress":[{"cidr_blocks":["0.0.0.0/0"],"description":"HTTP","from_port":80,"ipv6_cidr_blocks":[],"prefix_list_ids":[],"protocol":"tcp","security_groups":[],"self":false,"to_port":80},{"cidr_blocks":["0.0.0.0/0"],"description":"HTTPS","from_port":443,"ipv6_cidr_blocks":[],"prefix_list_ids":[],"protocol":"tcp","security_groups":[],"self":false,"to_port":443}],"name":"sonarqube-alb-sg","revoke_rules_on_delete":false,"tags":{"Name":"sonarqube-alb-sg"},"tags_all":{"Managed":"terraform","Name":"sonarqube-alb-sg","Project":"sonarqube"},"timeouts":null},"sensitive_values":{"egress":[{"cidr_blocks":[false],"ipv6_cidr_blocks":[],"prefix_list_ids":[],"security_groups":[]}],"ingress":[{"cidr_blocks":[false],"ipv6_cidr_blocks":[],"prefix_list_ids":[],"security_groups":[]},{"cidr_blocks":[false],"ipv6_cidr_blocks":[],"prefix_list_ids":[],"security_groups":[]}],"tags":{},"tags_all":{}}},{"address":"aws_security_group.ecs","mode":"managed","type":"aws_security_group","name":"ecs","provider_name":"registry.terraform.io/hashicorp/aws","schema_version":1,"values":{"description":"ECS tasks","egress":[{"cidr_blocks":["0.0.0.0/0"],"description":"","from_port":0,"ipv6_cidr_blocks":[],"prefix_list_ids":[],"protocol":"-1","security_groups":[],"self":false,"to_port":0}],"ingress":[{"cidr_blocks":[],"description":"From ALB","from_port":9000,"ipv6_cidr_blocks":[],"prefix_list_ids":[],"protocol":"tcp","self":false,"to_port":9000}],"name":"sonarqube-ecs-sg","revoke_rules_on_delete":false,"tags":{"Name":"sonarqube-ecs-sg"},"tags_all":{"Managed":"terraform","Name":"sonarqube-ecs-sg","Project":"sonarqube"},"timeouts":null},"sensitive_values":{"egress":[{"cidr_blocks":[false],"ipv6_cidr_blocks":[],"prefix_list_ids":[],"security_groups":[]}],"ingress":[{"cidr_blocks":[],"ipv6_cidr_blocks":[],"prefix_list_ids":[],"security_groups":[]}],"tags":{},"tags_all":{}}},{"address":"aws_security_group.efs","mode":"managed","type":"aws_security_group","name":"efs","provider_name":"registry.terraform.io/hashicorp/aws","schema_version":1,"values":{"description":"EFS","egress":[{"cidr_blocks":["0.0.0.0/0"],"description":"","from_port":0,"ipv6_cidr_blocks":[],"prefix_list_ids":[],"protocol":"-1","security_groups":[],"self":false,"to_port":0}],"ingress":[{"cidr_blocks":[],"description":"NFS from ECS","from_port":2049,"ipv6_cidr_blocks":[],"prefix_list_ids":[],"protocol":"tcp","self":false,"to_port":2049}],"name":"sonarqube-efs-sg","revoke_rules_on_delete":false,"tags":{"Name":"sonarqube-efs-sg"},"tags_all":{"Managed":"terraform","Name":"sonarqube-efs-sg","Project":"sonarqube"},"timeouts":null},"sensitive_values":{"egress":[{"cidr_blocks":[false],"ipv6_cidr_blocks":[],"prefix_list_ids":[],"security_groups":[]}],"ingress":[{"cidr_blocks":[],"ipv6_cidr_blocks":[],"prefix_list_ids":[],"security_groups":[]}],"tags":{},"tags_all":{}}},{"address":"aws_security_group.rds","mode":"managed","type":"aws_security_group","name":"rds","provider_name":"registry.terraform.io/hashicorp/aws","schema_version":1,"values":{"description":"RDS","egress":[{"cidr_blocks":["0.0.0.0/0"],"description":"","from_port":0,"ipv6_cidr_blocks":[],"prefix_list_ids":[],"protocol":"-1","security_groups":[],"self":false,"to_port":0}],"ingress":[{"cidr_blocks":[],"description":"Postgres from ECS","from_port":5432,"ipv6_cidr_blocks":[],"prefix_list_ids":[],"protocol":"tcp","self":false,"to_port":5432}],"name":"sonarqube-rds-sg","revoke_rules_on_delete":false,"tags":{"Name":"sonarqube-rds-sg"},"tags_all":{"Managed":"terraform","Name":"sonarqube-rds-sg","Project":"sonarqube"},"timeouts":null},"sensitive_values":{"egress":[{"cidr_blocks":[false],"ipv6_cidr_blocks":[],"prefix_list_ids":[],"security_groups":[]}],"ingress":[{"cidr_blocks":[],"ipv6_cidr_blocks":[],"prefix_list_ids":[],"security_groups":[]}],"tags":{},"tags_all":{}}},{"address":"aws_subnet.private[\"us-east-1a\"]","mode":"managed","type":"aws_subnet","name":"private","index":"us-east-1a","provider_name":"registry.terraform.io/hashicorp/aws","schema_version":1,"values":{"assign_ipv6_address_on_creation":false,"availability_zone":"us-east-1a","cidr_block":"10.20.10.0/24","customer_owned_ipv4_pool":null,"enable_dns64":false,"enable_lni_at_device_index":null,"enable_resource_name_dns_a_record_on_launch":false,"enable_resource_name_dns_aaaa_record_on_launch":false,"ipv6_cidr_block":null,"ipv6_native":false,"map_customer_owned_ip_on_launch":null,"map_public_ip_on_launch":false,"outpost_arn":null,"tags":{"Name":"sonarqube-private-us-east-1a","Tier":"private"},"tags_all":{"Managed":"terraform","Name":"sonarqube-private-us-east-1a","Project":"sonarqube","Tier":"private"},"timeouts":null},"sensitive_values":{"tags":{},"tags_all":{}}},{"address":"aws_subnet.private[\"us-east-1b\"]","mode":"managed","type":"aws_subnet","name":"private","index":"us-east-1b","provider_name":"registry.terraform.io/hashicorp/aws","schema_version":1,"values":{"assign_ipv6_address_on_creation":false,"availability_zone":"us-east-1b","cidr_block":"10.20.11.0/24","customer_owned_ipv4_pool":null,"enable_dns64":false,"enable_lni_at_device_index":null,"enable_resource_name_dns_a_record_on_launch":false,"enable_resource_name_dns_aaaa_record_on_launch":false,"ipv6_cidr_block":null,"ipv6_native":false,"map_customer_owned_ip_on_launch":null,"map_public_ip_on_launch":false,"outpost_arn":null,"tags":{"Name":"sonarqube-private-us-east-1b","Tier":"private"},"tags_all":{"Managed":"terraform","Name":"sonarqube-private-us-east-1b","Project":"sonarqube","Tier":"private"},"timeouts":null},"sensitive_values":{"tags":{},"tags_all":{}}},{"address":"aws_subnet.public[\"us-east-1a\"]","mode":"managed","type":"aws_subnet","name":"public","index":"us-east-1a","provider_name":"registry.terraform.io/hashicorp/aws","schema_version":1,"values":{"assign_ipv6_address_on_creation":false,"availability_zone":"us-east-1a","cidr_block":"10.20.0.0/24","customer_owned_ipv4_pool":null,"enable_dns64":false,"enable_lni_at_device_index":null,"enable_resource_name_dns_a_record_on_launch":false,"enable_resource_name_dns_aaaa_record_on_launch":false,"ipv6_cidr_block":null,"ipv6_native":false,"map_customer_owned_ip_on_launch":null,"map_public_ip_on_launch":true,"outpost_arn":null,"tags":{"Name":"sonarqube-public-us-east-1a","Tier":"public"},"tags_all":{"Managed":"terraform","Name":"sonarqube-public-us-east-1a","Project":"sonarqube","Tier":"public"},"timeouts":null},"sensitive_values":{"tags":{},"tags_all":{}}},{"address":"aws_subnet.public[\"us-east-1b\"]","mode":"managed","type":"aws_subnet","name":"public","index":"us-east-1b","provider_name":"registry.terraform.io/hashicorp/aws","schema_version":1,"values":{"assign_ipv6_address_on_creation":false,"availability_zone":"us-east-1b","cidr_block":"10.20.1.0/24","customer_owned_ipv4_pool":null,"enable_dns64":false,"enable_lni_at_device_index":null,"enable_resource_name_dns_a_record_on_launch":false,"enable_resource_name_dns_aaaa_record_on_launch":false,"ipv6_cidr_block":null,"ipv6_native":false,"map_customer_owned_ip_on_launch":null,"map_public_ip_on_launch":true,"outpost_arn":null,"tags":{"Name":"sonarqube-public-us-east-1b","Tier":"public"},"tags_all":{"Managed":"terraform","Name":"sonarqube-public-us-east-1b","Project":"sonarqube","Tier":"public"},"timeouts":null},"sensitive_values":{"tags":{},"tags_all":{}}},{"address":"aws_vpc.this","mode":"managed","type":"aws_vpc","name":"this","provider_name":"registry.terraform.io/hashicorp/aws","schema_version":1,"values":{"assign_generated_ipv6_cidr_block":null,"cidr_block":"10.20.0.0/16","enable_dns_hostnames":true,"enable_dns_support":true,"instance_tenancy":"default","ipv4_ipam_pool_id":null,"ipv4_netmask_length":null,"ipv6_ipam_pool_id":null,"ipv6_netmask_length":null,"tags":{"Name":"sonarqube-vpc"},"tags_all":{"Managed":"terraform","Name":"sonarqube-vpc","Project":"sonarqube"}},"sensitive_values":{"tags":{},"tags_all":{}}},{"address":"random_password.db","mode":"managed","type":"random_password","name":"db","provider_name":"registry.terraform.io/hashicorp/random","schema_version":3,"values":{"keepers":null,"length":24,"lower":true,"min_lower":0,"min_numeric":0,"min_special":0,"min_upper":0,"number":true,"numeric":true,"override_special":null,"special":true,"upper":true},"sensitive_values":{"bcrypt_hash":true,"result":true}}]}},"resource_changes":[{"address":"aws_cloudwatch_log_group.this","mode":"managed","type":"aws_cloudwatch_log_group","name":"this","provider_name":"registry.terraform.io/hashicorp/aws","change":{"actions":["create"],"before":null,"after":{"kms_key_id":null,"name":"/ecs/sonarqube","retention_in_days":30,"skip_destroy":false,"tags":null,"tags_all":{"Managed":"terraform","Project":"sonarqube"}},"after_unknown":{"arn":true,"id":true,"log_group_class":true,"name_prefix":true,"tags_all":{}},"before_sensitive":false,"after_sensitive":{"tags_all":{}}}},{"address":"aws_db_instance.this","mode":"managed","type":"aws_db_instance","name":"this","provider_name":"registry.terraform.io/hashicorp/aws","change":{"actions":["create"],"before":null,"after":{"allocated_storage":50,"allow_major_version_upgrade":null,"apply_immediately":false,"auto_minor_version_upgrade":true,"backup_retention_period":7,"blue_green_update":[],"copy_tags_to_snapshot":false,"custom_iam_instance_profile":null,"customer_owned_ip_enabled":null,"db_name":"sonarqube","db_subnet_group_name":"sonarqube-db-subnets","dedicated_log_volume":false,"delete_automated_backups":true,"deletion_protection":true,"domain":null,"domain_auth_secret_arn":null,"domain_dns_ips":null,"domain_iam_role_name":null,"domain_ou":null,"enabled_cloudwatch_logs_exports":["postgresql","upgrade"],"engine":"postgres","engine_version":"16.3","iam_database_authentication_enabled":null,"identifier":"sonarqube-postgres","instance_class":"db.t4g.medium","manage_master_user_password":null,"max_allocated_storage":null,"monitoring_interval":0,"multi_az":true,"password_wo":null,"password_wo_version":null,"performance_insights_enabled":false,"publicly_accessible":false,"replicate_source_db":null,"restore_to_point_in_time":[],"s3_import":[],"skip_final_snapshot":false,"storage_encrypted":true,"tags":{"Name":"sonarqube-postgres"},"tags_all":{"Managed":"terraform","Name":"sonarqube-postgres","Project":"sonarqube"},"timeouts":null,"upgrade_storage_config":null,"username":"sonar"},"after_unknown":{"address":true,"arn":true,"availability_zone":true,"backup_target":true,"backup_window":true,"blue_green_update":[],"ca_cert_identifier":true,"character_set_name":true,"database_insights_mode":true,"domain_fqdn":true,"enabled_cloudwatch_logs_exports":[false,false],"endpoint":true,"engine_lifecycle_support":true,"engine_version_actual":true,"final_snapshot_identifier":true,"hosted_zone_id":true,"id":true,"identifier_prefix":true,"iops":true,"kms_key_id":true,"latest_restorable_time":true,"license_model":true,"listener_endpoint":true,"maintenance_window":true,"master_user_secret":true,"master_user_secret_kms_key_id":true,"monitoring_role_arn":true,"nchar_character_set_name":true,"network_type":true,"option_group_name":true,"parameter_group_name":true,"password":true,"performance_insights_kms_key_id":true,"performance_insights_retention_period":true,"port":true,"replica_mode":true,"replicas":true,"resource_id":true,"restore_to_point_in_time":[],"s3_import":[],"snapshot_identifier":true,"status":true,"storage_throughput":true,"storage_type":true,"tags":{},"tags_all":{},"timezone":true,"vpc_security_group_ids":true},"before_sensitive":false,"after_sensitive":{"blue_green_update":[],"enabled_cloudwatch_logs_exports":[false,false],"listener_endpoint":[],"master_user_secret":[],"password":true,"password_wo":true,"replicas":[],"restore_to_point_in_time":[],"s3_import":[],"tags":{},"tags_all":{},"vpc_security_group_ids":[]}}},{"address":"aws_db_subnet_group.this","mode":"managed","type":"aws_db_subnet_group","name":"this","provider_name":"registry.terraform.io/hashicorp/aws","change":{"actions":["create"],"before":null,"after":{"description":"Managed by Terraform","name":"sonarqube-db-subnets","tags":{"Name":"sonarqube-db-subnets"},"tags_all":{"Managed":"terraform","Name":"sonarqube-db-subnets","Project":"sonarqube"}},"after_unknown":{"arn":true,"id":true,"name_prefix":true,"subnet_ids":true,"supported_network_types":true,"tags":{},"tags_all":{},"vpc_id":true},"before_sensitive":false,"after_sensitive":{"subnet_ids":[],"supported_network_types":[],"tags":{},"tags_all":{}}}},{"address":"aws_ecs_cluster.this","mode":"managed","type":"aws_ecs_cluster","name":"this","provider_name":"registry.terraform.io/hashicorp/aws","change":{"actions":["create"],"before":null,"after":{"configuration":[],"name":"sonarqube-cluster","service_connect_defaults":[],"tags":null,"tags_all":{"Managed":"terraform","Project":"sonarqube"}},"after_unknown":{"arn":true,"configuration":[],"id":true,"service_connect_defaults":[],"setting":true,"tags_all":{}},"before_sensitive":false,"after_sensitive":{"configuration":[],"service_connect_defaults":[],"setting":[],"tags_all":{}}}},{"address":"aws_ecs_service.this","mode":"managed","type":"aws_ecs_service","name":"this","provider_name":"registry.terraform.io/hashicorp/aws","change":{"actions":["create"],"before":null,"after":{"alarms":[],"availability_zone_rebalancing":"DISABLED","capacity_provider_strategy":[],"deployment_circuit_breaker":[],"deployment_controller":[],"deployment_maximum_percent":200,"deployment_minimum_healthy_percent":0,"desired_count":1,"enable_ecs_managed_tags":false,"enable_execute_command":false,"force_delete":null,"force_new_deployment":null,"health_check_grace_period_seconds":null,"launch_type":"FARGATE","load_balancer":[{"container_name":"sonarqube","container_port":9000,"elb_name":""}],"name":"sonarqube-svc","network_configuration":[{"assign_public_ip":false}],"ordered_placement_strategy":[],"placement_constraints":[],"propagate_tags":null,"scheduling_strategy":"REPLICA","service_connect_configuration":[],"service_registries":[],"tags":null,"tags_all":{"Managed":"terraform","Project":"sonarqube"},"timeouts":null,"volume_configuration":[],"vpc_lattice_configurations":[],"wait_for_steady_state":false},"after_unknown":{"alarms":[],"capacity_provider_strategy":[],"cluster":true,"deployment_circuit_breaker":[],"deployment_controller":[],"iam_role":true,"id":true,"load_balancer":[{"target_group_arn":true}],"network_configuration":[{"security_groups":true,"subnets":true}],"ordered_placement_strategy":[],"placement_constraints":[],"platform_version":true,"service_connect_configuration":[],"service_registries":[],"tags_all":{},"task_definition":true,"triggers":true,"volume_configuration":[],"vpc_lattice_configurations":[]},"before_sensitive":false,"after_sensitive":{"alarms":[],"capacity_provider_strategy":[],"deployment_circuit_breaker":[],"deployment_controller":[],"load_balancer":[{}],"network_configuration":[{"security_groups":[],"subnets":[]}],"ordered_placement_strategy":[],"placement_constraints":[],"service_connect_configuration":[],"service_registries":[],"tags_all":{},"triggers":{},"volume_configuration":[],"vpc_lattice_configurations":[]}}},{"address":"aws_ecs_task_definition.this","mode":"managed","type":"aws_ecs_task_definition","name":"this","provider_name":"registry.terraform.io/hashicorp/aws","change":{"actions":["create"],"before":null,"after":{"cpu":"1024","ephemeral_storage":[],"family":"sonarqube","inference_accelerator":[],"ipc_mode":null,"memory":"2048","network_mode":"awsvpc","pid_mode":null,"placement_constraints":[],"proxy_configuration":[],"requires_compatibilities":["FARGATE"],"runtime_platform":[],"skip_destroy":false,"tags":null,"tags_all":{"Managed":"terraform","Project":"sonarqube"},"track_latest":false,"volume":[{"docker_volume_configuration":[],"efs_volume_configuration":[{"authorization_config":[{"iam":"ENABLED"}],"root_directory":"/","transit_encryption":"ENABLED","transit_encryption_port":0}],"fsx_windows_file_server_volume_configuration":[],"host_path":"","name":"sonarqube-efs"}]},"after_unknown":{"arn":true,"arn_without_revision":true,"container_definitions":true,"enable_fault_injection":true,"ephemeral_storage":[],"execution_role_arn":true,"id":true,"inference_accelerator":[],"placement_constraints":[],"proxy_configuration":[],"requires_compatibilities":[false],"revision":true,"runtime_platform":[],"tags_all":{},"task_role_arn":true,"volume":[{"configure_at_launch":true,"docker_volume_configuration":[],"efs_volume_configuration":[{"authorization_config":[{"access_point_id":true}],"file_system_id":true}],"fsx_windows_file_server_volume_configuration":[]}]},"before_sensitive":false,"after_sensitive":{"ephemeral_storage":[],"inference_accelerator":[],"placement_constraints":[],"proxy_configuration":[],"requires_compatibilities":[false],"runtime_platform":[],"tags_all":{},"volume":[{"docker_volume_configuration":[],"efs_volume_configuration":[{"authorization_config":[{}]}],"fsx_windows_file_server_volume_configuration":[]}]}}},{"address":"aws_efs_access_point.this","mode":"managed","type":"aws_efs_access_point","name":"this","provider_name":"registry.terraform.io/hashicorp/aws","change":{"actions":["create"],"before":null,"after":{"posix_user":[{"gid":1000,"secondary_gids":null,"uid":1000}],"root_directory":[{"creation_info":[{"owner_gid":1000,"owner_uid":1000,"permissions":"0755"}],"path":"/sonarqube"}],"tags":{"Name":"sonarqube-efs-ap"},"tags_all":{"Managed":"terraform","Name":"sonarqube-efs-ap","Project":"sonarqube"}},"after_unknown":{"arn":true,"file_system_arn":true,"file_system_id":true,"id":true,"owner_id":true,"posix_user":[{}],"root_directory":[{"creation_info":[{}]}],"tags":{},"tags_all":{}},"before_sensitive":false,"after_sensitive":{"posix_user":[{}],"root_directory":[{"creation_info":[{}]}],"tags":{},"tags_all":{}}}},{"address":"aws_efs_file_system.this","mode":"managed","type":"aws_efs_file_system","name":"this","provider_name":"registry.terraform.io/hashicorp/aws","change":{"actions":["create"],"before":null,"after":{"encrypted":true,"lifecycle_policy":[{"transition_to_archive":null,"transition_to_ia":"AFTER_30_DAYS","transition_to_primary_storage_class":null}],"provisioned_throughput_in_mibps":null,"tags":{"Name":"sonarqube-efs"},"tags_all":{"Managed":"terraform","Name":"sonarqube-efs","Project":"sonarqube"},"throughput_mode":"bursting"},"after_unknown":{"arn":true,"availability_zone_id":true,"availability_zone_name":true,"creation_token":true,"dns_name":true,"id":true,"kms_key_id":true,"lifecycle_policy":[{}],"name":true,"number_of_mount_targets":true,"owner_id":true,"performance_mode":true,"protection":true,"size_in_bytes":true,"tags":{},"tags_all":{}},"before_sensitive":false,"after_sensitive":{"lifecycle_policy":[{}],"protection":[],"size_in_bytes":[],"tags":{},"tags_all":{}}}},{"address":"aws_efs_mount_target.this[\"us-east-1a\"]","mode":"managed","type":"aws_efs_mount_target","name":"this","index":"us-east-1a","provider_name":"registry.terraform.io/hashicorp/aws","change":{"actions":["create"],"before":null,"after":{"timeouts":null},"after_unknown":{"availability_zone_id":true,"availability_zone_name":true,"dns_name":true,"file_system_arn":true,"file_system_id":true,"id":true,"ip_address":true,"mount_target_dns_name":true,"network_interface_id":true,"owner_id":true,"security_groups":true,"subnet_id":true},"before_sensitive":false,"after_sensitive":{"security_groups":[]}}},{"address":"aws_efs_mount_target.this[\"us-east-1b\"]","mode":"managed","type":"aws_efs_mount_target","name":"this","index":"us-east-1b","provider_name":"registry.terraform.io/hashicorp/aws","change":{"actions":["create"],"before":null,"after":{"timeouts":null},"after_unknown":{"availability_zone_id":true,"availability_zone_name":true,"dns_name":true,"file_system_arn":true,"file_system_id":true,"id":true,"ip_address":true,"mount_target_dns_name":true,"network_interface_id":true,"owner_id":true,"security_groups":true,"subnet_id":true},"before_sensitive":false,"after_sensitive":{"security_groups":[]}}},{"address":"aws_eip.nat","mode":"managed","type":"aws_eip","name":"nat","provider_name":"registry.terraform.io/hashicorp/aws","change":{"actions":["create"],"before":null,"after":{"address":null,"associate_with_private_ip":null,"customer_owned_ipv4_pool":null,"domain":"vpc","tags":{"Name":"sonarqube-nat-eip"},"tags_all":{"Managed":"terraform","Name":"sonarqube-nat-eip","Project":"sonarqube"},"timeouts":null},"after_unknown":{"allocation_id":true,"arn":true,"association_id":true,"carrier_ip":true,"customer_owned_ip":true,"id":true,"instance":true,"ipam_pool_id":true,"network_border_group":true,"network_interface":true,"private_dns":true,"private_ip":true,"ptr_record":true,"public_dns":true,"public_ip":true,"public_ipv4_pool":true,"tags":{},"tags_all":{},"vpc":true},"before_sensitive":false,"after_sensitive":{"tags":{},"tags_all":{}}}},{"address":"aws_iam_policy.secrets_read","mode":"managed","type":"aws_iam_policy","name":"secrets_read","provider_name":"registry.terraform.io/hashicorp/aws","change":{"actions":["create"],"before":null,"after":{"description":"Allow ECS task to read required secrets","name":"sonarqube-secrets-read","path":"/","tags":null,"tags_all":{"Managed":"terraform","Project":"sonarqube"}},"after_unknown":{"arn":true,"attachment_count":true,"id":true,"name_prefix":true,"policy":true,"policy_id":true,"tags_all":{}},"before_sensitive":false,"after_sensitive":{"tags_all":{}}}},{"address":"aws_iam_role.ecs_task","mode":"managed","type":"aws_iam_role","name":"ecs_task","provider_name":"registry.terraform.io/hashicorp/aws","change":{"actions":["create"],"before":null,"after":{"assume_role_policy":"{\"Statement\":[{\"Action\":\"sts:AssumeRole\",\"Effect\":\"Allow\",\"Principal\":{\"Service\":\"ecs-tasks.amazonaws.com\"}}],\"Version\":\"2012-10-17\"}","description":null,"force_detach_policies":false,"max_session_duration":3600,"name":"sonarqube-ecs-task","path":"/","permissions_boundary":null,"tags":null,"tags_all":{"Managed":"terraform","Project":"sonarqube"}},"after_unknown":{"arn":true,"create_date":true,"id":true,"inline_policy":true,"managed_policy_arns":true,"name_prefix":true,"tags_all":{},"unique_id":true},"before_sensitive":false,"after_sensitive":{"inline_policy":[],"managed_policy_arns":[],"tags_all":{}}}},{"address":"aws_iam_role.ecs_task_execution","mode":"managed","type":"aws_iam_role","name":"ecs_task_execution","provider_name":"registry.terraform.io/hashicorp/aws","change":{"actions":["create"],"before":null,"after":{"assume_role_policy":"{\"Statement\":[{\"Action\":\"sts:AssumeRole\",\"Effect\":\"Allow\",\"Principal\":{\"Service\":\"ecs-tasks.amazonaws.com\"}}],\"Version\":\"2012-10-17\"}","description":null,"force_detach_policies":false,"max_session_duration":3600,"name":"sonarqube-ecs-task-exec","path":"/","permissions_boundary":null,"tags":null,"tags_all":{"Managed":"terraform","Project":"sonarqube"}},"after_unknown":{"arn":true,"create_date":true,"id":true,"inline_policy":true,"managed_policy_arns":true,"name_prefix":true,"tags_all":{},"unique_id":true},"before_sensitive":false,"after_sensitive":{"inline_policy":[],"managed_policy_arns":[],"tags_all":{}}}},{"address":"aws_iam_role_policy_attachment.ecs_task_execution","mode":"managed","type":"aws_iam_role_policy_attachment","name":"ecs_task_execution","provider_name":"registry.terraform.io/hashicorp/aws","change":{"actions":["create"],"before":null,"after":{"policy_arn":"arn:aws:iam::aws:policy/service-role/AmazonECSTaskExecutionRolePolicy","role":"sonarqube-ecs-task-exec"},"after_unknown":{"id":true},"before_sensitive":false,"after_sensitive":{}}},{"address":"aws_iam_role_policy_attachment.secrets_read","mode":"managed","type":"aws_iam_role_policy_attachment","name":"secrets_read","provider_name":"registry.terraform.io/hashicorp/aws","change":{"actions":["create"],"before":null,"after":{"role":"sonarqube-ecs-task"},"after_unknown":{"id":true,"policy_arn":true},"before_sensitive":false,"after_sensitive":{}}},{"address":"aws_internet_gateway.this","mode":"managed","type":"aws_internet_gateway","name":"this","provider_name":"registry.terraform.io/hashicorp/aws","change":{"actions":["create"],"before":null,"after":{"tags":{"Name":"sonarqube-igw"},"tags_all":{"Managed":"terraform","Name":"sonarqube-igw","Project":"sonarqube"},"timeouts":null},"after_unknown":{"arn":true,"id":true,"owner_id":true,"tags":{},"tags_all":{},"vpc_id":true},"before_sensitive":false,"after_sensitive":{"tags":{},"tags_all":{}}}},{"address":"aws_lb.this","mode":"managed","type":"aws_lb","name":"this","provider_name":"registry.terraform.io/hashicorp/aws","change":{"actions":["create"],"before":null,"after":{"access_logs":[],"client_keep_alive":3600,"connection_logs":[],"customer_owned_ipv4_pool":null,"desync_mitigation_mode":"defensive","dns_record_client_routing_policy":null,"drop_invalid_header_fields":false,"enable_cross_zone_load_balancing":null,"enable_deletion_protection":false,"enable_http2":true,"enable_tls_version_and_cipher_suite_headers":false,"enable_waf_fail_open":false,"enable_xff_client_port":false,"enable_zonal_shift":false,"idle_timeout":60,"ipam_pools":[],"load_balancer_type":"application","minimum_load_balancer_capacity":[],"name":"sonarqube-alb","preserve_host_header":false,"tags":{"Name":"sonarqube-alb"},"tags_all":{"Managed":"terraform","Name":"sonarqube-alb","Project":"sonarqube"},"timeouts":null,"xff_header_processing_mode":"append"},"after_unknown":{"access_logs":[],"arn":true,"arn_suffix":true,"connection_logs":[],"dns_name":true,"enforce_security_group_inbound_rules_on_private_link_traffic":true,"id":true,"internal":true,"ip_address_type":true,"ipam_pools":[],"minimum_load_balancer_capacity":[],"name_prefix":true,"security_groups":true,"subnet_mapping":true,"subnets":true,"tags":{},"tags_all":{},"vpc_id":true,"zone_id":true},"before_sensitive":false,"after_sensitive":{"access_logs":[],"connection_logs":[],"ipam_pools":[],"minimum_load_balancer_capacity":[],"security_groups":[],"subnet_mapping":[],"subnets":[],"tags":{},"tags_all":{}}}},{"address":"aws_lb_listener.http","mode":"managed","type":"aws_lb_listener","name":"http","provider_name":"registry.terraform.io/hashicorp/aws","change":{"actions":["create"],"before":null,"after":{"alpn_policy":null,"certificate_arn":null,"default_action":[{"authenticate_cognito":[],"authenticate_oidc":[],"fixed_response":[],"forward":[{"stickiness":[],"target_group":[{"weight":1}]}],"redirect":[],"target_group_arn":null,"type":"forward"}],"port":80,"protocol":"HTTP","tags":null,"tags_all":{"Managed":"terraform","Project":"sonarqube"},"timeouts":null},"after_unknown":{"arn":true,"default_action":[{"authenticate_cognito":[],"authenticate_oidc":[],"fixed_response":[],"forward":[{"stickiness":[],"target_group":[{"arn":true}]}],"order":true,"redirect":[]}],"id":true,"load_balancer_arn":true,"mutual_authentication":true,"routing_http_request_x_amzn_mtls_clientcert_header_name":true,"routing_http_request_x_amzn_mtls_clientcert_issuer_header_name":true,"routing_http_request_x_amzn_mtls_clientcert_leaf_header_name":true,"routing_http_request_x_amzn_mtls_clientcert_serial_number_header_name":true,"routing_http_request_x_amzn_mtls_clientcert_subject_header_name":true,"routing_http_request_x_amzn_mtls_clientcert_validity_header_name":true,"routing_http_request_x_amzn_tls_cipher_suite_header_name":true,"routing_http_request_x_amzn_tls_version_header_name":true,"routing_http_response_access_control_allow_credentials_header_value":true,"routing_http_response_access_control_allow_headers_header_value":true,"routing_http_response_access_control_allow_methods_header_value":true,"routing_http_response_access_control_allow_origin_header_value":true,"routing_http_response_access_control_expose_headers_header_value":true,"routing_http_response_access_control_max_age_header_value":true,"routing_http_response_content_security_policy_header_value":true,"routing_http_response_server_enabled":true,"routing_http_response_strict_transport_security_header_value":true,"routing_http_response_x_content_type_options_header_value":true,"routing_http_response_x_frame_options_header_value":true,"ssl_policy":true,"tags_all":{},"tcp_idle_timeout_seconds":true},"before_sensitive":false,"after_sensitive":{"default_action":[{"authenticate_cognito":[],"authenticate_oidc":[],"fixed_response":[],"forward":[{"stickiness":[],"target_group":[{}]}],"redirect":[]}],"mutual_authentication":[],"tags_all":{}}}},{"address":"aws_lb_target_group.this","mode":"managed","type":"aws_lb_target_group","name":"this","provider_name":"registry.terraform.io/hashicorp/aws","change":{"actions":["create"],"before":null,"after":{"deregistration_delay":"300","health_check":[{"enabled":true,"healthy_threshold":2,"interval":30,"matcher":"200-399","path":"/","port":"traffic-port","protocol":"HTTP","timeout":10,"unhealthy_threshold":5}],"lambda_multi_value_headers_enabled":false,"name":"sonarqube-tg","port":9000,"protocol":"HTTP","proxy_protocol_v2":false,"slow_start":0,"tags":{"Name":"sonarqube-tg"},"tags_all":{"Managed":"terraform","Name":"sonarqube-tg","Project":"sonarqube"},"target_type":"ip"},"after_unknown":{"arn":true,"arn_suffix":true,"connection_termination":true,"health_check":[{}],"id":true,"ip_address_type":true,"load_balancer_arns":true,"load_balancing_algorithm_type":true,"load_balancing_anomaly_mitigation":true,"load_balancing_cross_zone_enabled":true,"name_prefix":true,"preserve_client_ip":true,"protocol_version":true,"stickiness":true,"tags":{},"tags_all":{},"target_failover":true,"target_group_health":true,"target_health_state":true,"vpc_id":true},"before_sensitive":false,"after_sensitive":{"health_check":[{}],"load_balancer_arns":[],"stickiness":[],"tags":{},"tags_all":{},"target_failover":[],"target_group_health":[],"target_health_state":[]}}},{"address":"aws_nat_gateway.this","mode":"managed","type":"aws_nat_gateway","name":"this","provider_name":"registry.terraform.io/hashicorp/aws","change":{"actions":["create"],"before":null,"after":{"connectivity_type":"public","secondary_allocation_ids":null,"tags":{"Name":"sonarqube-nat"},"tags_all":{"Managed":"terraform","Name":"sonarqube-nat","Project":"sonarqube"},"timeouts":null},"after_unknown":{"allocation_id":true,"association_id":true,"id":true,"network_interface_id":true,"private_ip":true,"public_ip":true,"secondary_private_ip_address_count":true,"secondary_private_ip_addresses":true,"subnet_id":true,"tags":{},"tags_all":{}},"before_sensitive":false,"after_sensitive":{"secondary_private_ip_addresses":[],"tags":{},"tags_all":{}}}},{"address":"aws_route.private_nat","mode":"managed","type":"aws_route","name":"private_nat","provider_name":"registry.terraform.io/hashicorp/aws","change":{"actions":["create"],"before":null,"after":{"carrier_gateway_id":null,"core_network_arn":null,"destination_cidr_block":"0.0.0.0/0","destination_ipv6_cidr_block":null,"destination_prefix_list_id":null,"egress_only_gateway_id":null,"gateway_id":null,"local_gateway_id":null,"timeouts":null,"transit_gateway_id":null,"vpc_endpoint_id":null,"vpc_peering_connection_id":null},"after_unknown":{"id":true,"instance_id":true,"instance_owner_id":true,"nat_gateway_id":true,"network_interface_id":true,"origin":true,"route_table_id":true,"state":true},"before_sensitive":false,"after_sensitive":{}}},{"address":"aws_route.public_inet","mode":"managed","type":"aws_route","name":"public_inet","provider_name":"registry.terraform.io/hashicorp/aws","change":{"actions":["create"],"before":null,"after":{"carrier_gateway_id":null,"core_network_arn":null,"destination_cidr_block":"0.0.0.0/0","destination_ipv6_cidr_block":null,"destination_prefix_list_id":null,"egress_only_gateway_id":null,"local_gateway_id":null,"nat_gateway_id":null,"timeouts":null,"transit_gateway_id":null,"vpc_endpoint_id":null,"vpc_peering_connection_id":null},"after_unknown":{"gateway_id":true,"id":true,"instance_id":true,"instance_owner_id":true,"network_interface_id":true,"origin":true,"route_table_id":true,"state":true},"before_sensitive":false,"after_sensitive":{}}},{"address":"aws_route_table.private","mode":"managed","type":"aws_route_table","name":"private","provider_name":"registry.terraform.io/hashicorp/aws","change":{"actions":["create"],"before":null,"after":{"tags":{"Name":"sonarqube-private-rt"},"tags_all":{"Managed":"terraform","Name":"sonarqube-private-rt","Project":"sonarqube"},"timeouts":null},"after_unknown":{"arn":true,"id":true,"owner_id":true,"propagating_vgws":true,"route":true,"tags":{},"tags_all":{},"vpc_id":true},"before_sensitive":false,"after_sensitive":{"propagating_vgws":[],"route":[],"tags":{},"tags_all":{}}}},{"address":"aws_route_table.public","mode":"managed","type":"aws_route_table","name":"public","provider_name":"registry.terraform.io/hashicorp/aws","change":{"actions":["create"],"before":null,"after":{"tags":{"Name":"sonarqube-public-rt"},"tags_all":{"Managed":"terraform","Name":"sonarqube-public-rt","Project":"sonarqube"},"timeouts":null},"after_unknown":{"arn":true,"id":true,"owner_id":true,"propagating_vgws":true,"route":true,"tags":{},"tags_all":{},"vpc_id":true},"before_sensitive":false,"after_sensitive":{"propagating_vgws":[],"route":[],"tags":{},"tags_all":{}}}},{"address":"aws_route_table_association.private[\"us-east-1a\"]","mode":"managed","type":"aws_route_table_association","name":"private","index":"us-east-1a","provider_name":"registry.terraform.io/hashicorp/aws","change":{"actions":["create"],"before":null,"after":{"gateway_id":null,"timeouts":null},"after_unknown":{"id":true,"route_table_id":true,"subnet_id":true},"before_sensitive":false,"after_sensitive":{}}},{"address":"aws_route_table_association.private[\"us-east-1b\"]","mode":"managed","type":"aws_route_table_association","name":"private","index":"us-east-1b","provider_name":"registry.terraform.io/hashicorp/aws","change":{"actions":["create"],"before":null,"after":{"gateway_id":null,"timeouts":null},"after_unknown":{"id":true,"route_table_id":true,"subnet_id":true},"before_sensitive":false,"after_sensitive":{}}},{"address":"aws_route_table_association.public[\"us-east-1a\"]","mode":"managed","type":"aws_route_table_association","name":"public","index":"us-east-1a","provider_name":"registry.terraform.io/hashicorp/aws","change":{"actions":["create"],"before":null,"after":{"gateway_id":null,"timeouts":null},"after_unknown":{"id":true,"route_table_id":true,"subnet_id":true},"before_sensitive":false,"after_sensitive":{}}},{"address":"aws_route_table_association.public[\"us-east-1b\"]","mode":"managed","type":"aws_route_table_association","name":"public","index":"us-east-1b","provider_name":"registry.terraform.io/hashicorp/aws","change":{"actions":["create"],"before":null,"after":{"gateway_id":null,"timeouts":null},"after_unknown":{"id":true,"route_table_id":true,"subnet_id":true},"before_sensitive":false,"after_sensitive":{}}},{"address":"aws_secretsmanager_secret.db","mode":"managed","type":"aws_secretsmanager_secret","name":"db","provider_name":"registry.terraform.io/hashicorp/aws","change":{"actions":["create"],"before":null,"after":{"description":null,"force_overwrite_replica_secret":false,"kms_key_id":null,"name":"sonarqube/db","recovery_window_in_days":7,"tags":{"Name":"sonarqube-db-secret"},"tags_all":{"Managed":"terraform","Name":"sonarqube-db-secret","Project":"sonarqube"}},"after_unknown":{"arn":true,"id":true,"name_prefix":true,"policy":true,"replica":true,"tags":{},"tags_all":{}},"before_sensitive":false,"after_sensitive":{"replica":[],"tags":{},"tags_all":{}}}},{"address":"aws_secretsmanager_secret_version.db","mode":"managed","type":"aws_secretsmanager_secret_version","name":"db","provider_name":"registry.terraform.io/hashicorp/aws","change":{"actions":["create"],"before":null,"after":{"secret_binary":null,"secret_string_wo":null,"secret_string_wo_version":null},"after_unknown":{"arn":true,"has_secret_string_wo":true,"id":true,"secret_id":true,"secret_string":true,"version_id":true,"version_stages":true},"before_sensitive":false,"after_sensitive":{"secret_binary":true,"secret_string":true,"secret_string_wo":true,"version_stages":[]}}},{"address":"aws_security_group.alb","mode":"managed","type":"aws_security_group","name":"alb","provider_name":"registry.terraform.io/hashicorp/aws","change":{"actions":["create"],"before":null,"after":{"description":"ALB ingress","egress":[{"cidr_blocks":["0.0.0.0/0"],"description":"","from_port":0,"ipv6_cidr_blocks":[],"prefix_list_ids":[],"protocol":"-1","security_groups":[],"self":false,"to_port":0}],"ingress":[{"cidr_blocks":["0.0.0.0/0"],"description":"HTTP","from_port":80,"ipv6_cidr_blocks":[],"prefix_list_ids":[],"protocol":"tcp","security_groups":[],"self":false,"to_port":80},{"cidr_blocks":["0.0.0.0/0"],"description":"HTTPS","from_port":443,"ipv6_cidr_blocks":[],"prefix_list_ids":[],"protocol":"tcp","security_groups":[],"self":false,"to_port":443}],"name":"sonarqube-alb-sg","revoke_rules_on_delete":false,"tags":{"Name":"sonarqube-alb-sg"},"tags_all":{"Managed":"terraform","Name":"sonarqube-alb-sg","Project":"sonarqube"},"timeouts":null},"after_unknown":{"arn":true,"egress":[{"cidr_blocks":[false],"ipv6_cidr_blocks":[],"prefix_list_ids":[],"security_groups":[]}],"id":true,"ingress":[{"cidr_blocks":[false],"ipv6_cidr_blocks":[],"prefix_list_ids":[],"security_groups":[]},{"cidr_blocks":[false],"ipv6_cidr_blocks":[],"prefix_list_ids":[],"security_groups":[]}],"name_prefix":true,"owner_id":true,"tags":{},"tags_all":{},"vpc_id":true},"before_sensitive":false,"after_sensitive":{"egress":[{"cidr_blocks":[false],"ipv6_cidr_blocks":[],"prefix_list_ids":[],"security_groups":[]}],"ingress":[{"cidr_blocks":[false],"ipv6_cidr_blocks":[],"prefix_list_ids":[],"security_groups":[]},{"cidr_blocks":[false],"ipv6_cidr_blocks":[],"prefix_list_ids":[],"security_groups":[]}],"tags":{},"tags_all":{}}}},{"address":"aws_security_group.ecs","mode":"managed","type":"aws_security_group","name":"ecs","provider_name":"registry.terraform.io/hashicorp/aws","change":{"actions":["create"],"before":null,"after":{"description":"ECS tasks","egress":[{"cidr_blocks":["0.0.0.0/0"],"description":"","from_port":0,"ipv6_cidr_blocks":[],"prefix_list_ids":[],"protocol":"-1","security_groups":[],"self":false,"to_port":0}],"ingress":[{"cidr_blocks":[],"description":"From ALB","from_port":9000,"ipv6_cidr_blocks":[],"prefix_list_ids":[],"protocol":"tcp","self":false,"to_port":9000}],"name":"sonarqube-ecs-sg","revoke_rules_on_delete":false,"tags":{"Name":"sonarqube-ecs-sg"},"tags_all":{"Managed":"terraform","Name":"sonarqube-ecs-sg","Project":"sonarqube"},"timeouts":null},"after_unknown":{"arn":true,"egress":[{"cidr_blocks":[false],"ipv6_cidr_blocks":[],"prefix_list_ids":[],"security_groups":[]}],"id":true,"ingress":[{"cidr_blocks":[],"ipv6_cidr_blocks":[],"prefix_list_ids":[],"security_groups":true}],"name_prefix":true,"owner_id":true,"tags":{},"tags_all":{},"vpc_id":true},"before_sensitive":false,"after_sensitive":{"egress":[{"cidr_blocks":[false],"ipv6_cidr_blocks":[],"prefix_list_ids":[],"security_groups":[]}],"ingress":[{"cidr_blocks":[],"ipv6_cidr_blocks":[],"prefix_list_ids":[],"security_groups":[]}],"tags":{},"tags_all":{}}}},{"address":"aws_security_group.efs","mode":"managed","type":"aws_security_group","name":"efs","provider_name":"registry.terraform.io/hashicorp/aws","change":{"actions":["create"],"before":null,"after":{"description":"EFS","egress":[{"cidr_blocks":["0.0.0.0/0"],"description":"","from_port":0,"ipv6_cidr_blocks":[],"prefix_list_ids":[],"protocol":"-1","security_groups":[],"self":false,"to_port":0}],"ingress":[{"cidr_blocks":[],"description":"NFS from ECS","from_port":2049,"ipv6_cidr_blocks":[],"prefix_list_ids":[],"protocol":"tcp","self":false,"to_port":2049}],"name":"sonarqube-efs-sg","revoke_rules_on_delete":false,"tags":{"Name":"sonarqube-efs-sg"},"tags_all":{"Managed":"terraform","Name":"sonarqube-efs-sg","Project":"sonarqube"},"timeouts":null},"after_unknown":{"arn":true,"egress":[{"cidr_blocks":[false],"ipv6_cidr_blocks":[],"prefix_list_ids":[],"security_groups":[]}],"id":true,"ingress":[{"cidr_blocks":[],"ipv6_cidr_blocks":[],"prefix_list_ids":[],"security_groups":true}],"name_prefix":true,"owner_id":true,"tags":{},"tags_all":{},"vpc_id":true},"before_sensitive":false,"after_sensitive":{"egress":[{"cidr_blocks":[false],"ipv6_cidr_blocks":[],"prefix_list_ids":[],"security_groups":[]}],"ingress":[{"cidr_blocks":[],"ipv6_cidr_blocks":[],"prefix_list_ids":[],"security_groups":[]}],"tags":{},"tags_all":{}}}},{"address":"aws_security_group.rds","mode":"managed","type":"aws_security_group","name":"rds","provider_name":"registry.terraform.io/hashicorp/aws","change":{"actions":["create"],"before":null,"after":{"description":"RDS","egress":[{"cidr_blocks":["0.0.0.0/0"],"description":"","from_port":0,"ipv6_cidr_blocks":[],"prefix_list_ids":[],"protocol":"-1","security_groups":[],"self":false,"to_port":0}],"ingress":[{"cidr_blocks":[],"description":"Postgres from ECS","from_port":5432,"ipv6_cidr_blocks":[],"prefix_list_ids":[],"protocol":"tcp","self":false,"to_port":5432}],"name":"sonarqube-rds-sg","revoke_rules_on_delete":false,"tags":{"Name":"sonarqube-rds-sg"},"tags_all":{"Managed":"terraform","Name":"sonarqube-rds-sg","Project":"sonarqube"},"timeouts":null},"after_unknown":{"arn":true,"egress":[{"cidr_blocks":[false],"ipv6_cidr_blocks":[],"prefix_list_ids":[],"security_groups":[]}],"id":true,"ingress":[{"cidr_blocks":[],"ipv6_cidr_blocks":[],"prefix_list_ids":[],"security_groups":true}],"name_prefix":true,"owner_id":true,"tags":{},"tags_all":{},"vpc_id":true},"before_sensitive":false,"after_sensitive":{"egress":[{"cidr_blocks":[false],"ipv6_cidr_blocks":[],"prefix_list_ids":[],"security_groups":[]}],"ingress":[{"cidr_blocks":[],"ipv6_cidr_blocks":[],"prefix_list_ids":[],"security_groups":[]}],"tags":{},"tags_all":{}}}},{"address":"aws_subnet.private[\"us-east-1a\"]","mode":"managed","type":"aws_subnet","name":"private","index":"us-east-1a","provider_name":"registry.terraform.io/hashicorp/aws","change":{"actions":["create"],"before":null,"after":{"assign_ipv6_address_on_creation":false,"availability_zone":"us-east-1a","cidr_block":"10.20.10.0/24","customer_owned_ipv4_pool":null,"enable_dns64":false,"enable_lni_at_device_index":null,"enable_resource_name_dns_a_record_on_launch":false,"enable_resource_name_dns_aaaa_record_on_launch":false,"ipv6_cidr_block":null,"ipv6_native":false,"map_customer_owned_ip_on_launch":null,"map_public_ip_on_launch":false,"outpost_arn":null,"tags":{"Name":"sonarqube-private-us-east-1a","Tier":"private"},"tags_all":{"Managed":"terraform","Name":"sonarqube-private-us-east-1a","Project":"sonarqube","Tier":"private"},"timeouts":null},"after_unknown":{"arn":true,"availability_zone_id":true,"id":true,"ipv6_cidr_block_association_id":true,"owner_id":true,"private_dns_hostname_type_on_launch":true,"tags":{},"tags_all":{},"vpc_id":true},"before_sensitive":false,"after_sensitive":{"tags":{},"tags_all":{}}}},{"address":"aws_subnet.private[\"us-east-1b\"]","mode":"managed","type":"aws_subnet","name":"private","index":"us-east-1b","provider_name":"registry.terraform.io/hashicorp/aws","change":{"actions":["create"],"before":null,"after":{"assign_ipv6_address_on_creation":false,"availability_zone":"us-east-1b","cidr_block":"10.20.11.0/24","customer_owned_ipv4_pool":null,"enable_dns64":false,"enable_lni_at_device_index":null,"enable_resource_name_dns_a_record_on_launch":false,"enable_resource_name_dns_aaaa_record_on_launch":false,"ipv6_cidr_block":null,"ipv6_native":false,"map_customer_owned_ip_on_launch":null,"map_public_ip_on_launch":false,"outpost_arn":null,"tags":{"Name":"sonarqube-private-us-east-1b","Tier":"private"},"tags_all":{"Managed":"terraform","Name":"sonarqube-private-us-east-1b","Project":"sonarqube","Tier":"private"},"timeouts":null},"after_unknown":{"arn":true,"availability_zone_id":true,"id":true,"ipv6_cidr_block_association_id":true,"owner_id":true,"private_dns_hostname_type_on_launch":true,"tags":{},"tags_all":{},"vpc_id":true},"before_sensitive":false,"after_sensitive":{"tags":{},"tags_all":{}}}},{"address":"aws_subnet.public[\"us-east-1a\"]","mode":"managed","type":"aws_subnet","name":"public","index":"us-east-1a","provider_name":"registry.terraform.io/hashicorp/aws","change":{"actions":["create"],"before":null,"after":{"assign_ipv6_address_on_creation":false,"availability_zone":"us-east-1a","cidr_block":"10.20.0.0/24","customer_owned_ipv4_pool":null,"enable_dns64":false,"enable_lni_at_device_index":null,"enable_resource_name_dns_a_record_on_launch":false,"enable_resource_name_dns_aaaa_record_on_launch":false,"ipv6_cidr_block":null,"ipv6_native":false,"map_customer_owned_ip_on_launch":null,"map_public_ip_on_launch":true,"outpost_arn":null,"tags":{"Name":"sonarqube-public-us-east-1a","Tier":"public"},"tags_all":{"Managed":"terraform","Name":"sonarqube-public-us-east-1a","Project":"sonarqube","Tier":"public"},"timeouts":null},"after_unknown":{"arn":true,"availability_zone_id":true,"id":true,"ipv6_cidr_block_association_id":true,"owner_id":true,"private_dns_hostname_type_on_launch":true,"tags":{},"tags_all":{},"vpc_id":true},"before_sensitive":false,"after_sensitive":{"tags":{},"tags_all":{}}}},{"address":"aws_subnet.public[\"us-east-1b\"]","mode":"managed","type":"aws_subnet","name":"public","index":"us-east-1b","provider_name":"registry.terraform.io/hashicorp/aws","change":{"actions":["create"],"before":null,"after":{"assign_ipv6_address_on_creation":false,"availability_zone":"us-east-1b","cidr_block":"10.20.1.0/24","customer_owned_ipv4_pool":null,"enable_dns64":false,"enable_lni_at_device_index":null,"enable_resource_name_dns_a_record_on_launch":false,"enable_resource_name_dns_aaaa_record_on_launch":false,"ipv6_cidr_block":null,"ipv6_native":false,"map_customer_owned_ip_on_launch":null,"map_public_ip_on_launch":true,"outpost_arn":null,"tags":{"Name":"sonarqube-public-us-east-1b","Tier":"public"},"tags_all":{"Managed":"terraform","Name":"sonarqube-public-us-east-1b","Project":"sonarqube","Tier":"public"},"timeouts":null},"after_unknown":{"arn":true,"availability_zone_id":true,"id":true,"ipv6_cidr_block_association_id":true,"owner_id":true,"private_dns_hostname_type_on_launch":true,"tags":{},"tags_all":{},"vpc_id":true},"before_sensitive":false,"after_sensitive":{"tags":{},"tags_all":{}}}},{"address":"aws_vpc.this","mode":"managed","type":"aws_vpc","name":"this","provider_name":"registry.terraform.io/hashicorp/aws","change":{"actions":["create"],"before":null,"after":{"assign_generated_ipv6_cidr_block":null,"cidr_block":"10.20.0.0/16","enable_dns_hostnames":true,"enable_dns_support":true,"instance_tenancy":"default","ipv4_ipam_pool_id":null,"ipv4_netmask_length":null,"ipv6_ipam_pool_id":null,"ipv6_netmask_length":null,"tags":{"Name":"sonarqube-vpc"},"tags_all":{"Managed":"terraform","Name":"sonarqube-vpc","Project":"sonarqube"}},"after_unknown":{"arn":true,"default_network_acl_id":true,"default_route_table_id":true,"default_security_group_id":true,"dhcp_options_id":true,"enable_network_address_usage_metrics":true,"id":true,"ipv6_association_id":true,"ipv6_cidr_block":true,"ipv6_cidr_block_network_border_group":true,"main_route_table_id":true,"owner_id":true,"tags":{},"tags_all":{}},"before_sensitive":false,"after_sensitive":{"tags":{},"tags_all":{}}}},{"address":"random_password.db","mode":"managed","type":"random_password","name":"db","provider_name":"registry.terraform.io/hashicorp/random","change":{"actions":["create"],"before":null,"after":{"keepers":null,"length":24,"lower":true,"min_lower":0,"min_numeric":0,"min_special":0,"min_upper":0,"number":true,"numeric":true,"override_special":null,"special":true,"upper":true},"after_unknown":{"bcrypt_hash":true,"id":true,"result":true},"before_sensitive":false,"after_sensitive":{"bcrypt_hash":true,"result":true}}}],"output_changes":{"alb_dns_name":{"actions":["create"],"before":null,"after_unknown":true,"before_sensitive":false,"after_sensitive":false},"db_secret_arn":{"actions":["create"],"before":null,"after_unknown":true,"before_sensitive":false,"after_sensitive":false},"efs_id":{"actions":["create"],"before":null,"after_unknown":true,"before_sensitive":false,"after_sensitive":false},"rds_endpoint":{"actions":["create"],"before":null,"after_unknown":true,"before_sensitive":false,"after_sensitive":false},"sonarqube_url":{"actions":["create"],"before":null,"after_unknown":true,"before_sensitive":false,"after_sensitive":false}},"prior_state":{"format_version":"1.0","terraform_version":"1.13.5","values":{"root_module":{"resources":[{"address":"data.aws_availability_zones.available","mode":"data","type":"aws_availability_zones","name":"available","provider_name":"registry.terraform.io/hashicorp/aws","schema_version":0,"values":{"all_availability_zones":null,"exclude_names":null,"exclude_zone_ids":null,"filter":null,"group_names":[""],"id":"us-east-1","names":["us-east-1a","us-east-1b","us-east-1c","us-east-1d","us-east-1e","us-east-1f"],"state":"available","timeouts":null,"zone_ids":["use1-az6","use1-az1","use1-az2","use1-az4","use1-az3","use1-az5"]},"sensitive_values":{"group_names":[false],"names":[false,false,false,false,false,false],"zone_ids":[false,false,false,false,false,false]}},{"address":"data.aws_caller_identity.current","mode":"data","type":"aws_caller_identity","name":"current","provider_name":"registry.terraform.io/hashicorp/aws","schema_version":0,"values":{"account_id":"000000000000","arn":"arn:aws:iam::000000000000:root","id":"000000000000","user_id":"AKIAIOSFODNN7EXAMPLE"},"sensitive_values":{}},{"address":"data.aws_partition.current","mode":"data","type":"aws_partition","name":"current","provider_name":"registry.terraform.io/hashicorp/aws","schema_version":0,"values":{"dns_suffix":"amazonaws.com","id":"aws","partition":"aws","reverse_dns_prefix":"com.amazonaws"},"sensitive_values":{}},{"address":"data.aws_region.current","mode":"data","type":"aws_region","name":"current","provider_name":"registry.terraform.io/hashicorp/aws","schema_version":0,"values":{"description":"US East (N. Virginia)","endpoint":"ec2.us-east-1.amazonaws.com","id":"us-east-1","name":"us-east-1"},"sensitive_values":{}}]}}},"configuration":{"provider_config":{"aws":{"name":"aws","full_name":"registry.terraform.io/hashicorp/aws","version_constraint":"~\u003e 5.0","expressions":{"default_tags":[{"tags":{"references":["var.tags"]}}],"region":{"references":["var.aws_region"]}}},"random":{"name":"random","full_name":"registry.terraform.io/hashicorp/random","version_constraint":"~\u003e 3.6"}},"root_module":{"outputs":{"alb_dns_name":{"expression":{"references":["aws_lb.this.dns_name","aws_lb.this"]},"description":"ALB DNS name."},"db_secret_arn":{"expression":{"references":["aws_secretsmanager_secret.db.arn","aws_secretsmanager_secret.db"]},"description":"Secrets Manager secret ARN containing DB credentials."},"efs_id":{"expression":{"references":["aws_efs_file_system.this.id","aws_efs_file_system.this"]},"description":"EFS file system ID."},"rds_endpoint":{"expression":{"references":["aws_db_instance.this.address","aws_db_instance.this"]},"description":"RDS endpoint address."},"sonarqube_url":{"expression":{"references":["local.create_route53","local.use_https","aws_route53_record.alb[0].fqdn","aws_route53_record.alb[0]","aws_route53_record.alb","aws_route53_record.alb[0].fqdn","aws_route53_record.alb[0]","aws_route53_record.alb","local.use_https","aws_lb.this.dns_name","aws_lb.this","aws_lb.this.dns_name","aws_lb.this"]},"description":"Convenience URL. If Route53 is configured, this will be the custom domain; otherwise ALB DNS."}},"resources":[{"address":"aws_cloudwatch_log_group.this","mode":"managed","type":"aws_cloudwatch_log_group","name":"this","provider_config_key":"aws","expressions":{"name":{"references":["var.name"]},"retention_in_days":{"constant_value":30}},"schema_version":0},{"address":"aws_db_instance.this","mode":"managed","type":"aws_db_instance","name":"this","provider_config_key":"aws","expressions":{"allocated_storage":{"references":["var.db_allocated_storage"]},"backup_retention_period":{"constant_value":7},"db_name":{"references":["var.db_name"]},"db_subnet_group_name":{"references":["aws_db_subnet_group.this.name","aws_db_subnet_group.this"]},"deletion_protection":{"constant_value":true},"enabled_cloudwatch_logs_exports":{"constant_value":["postgresql","upgrade"]},"engine":{"constant_value":"postgres"},"engine_version":{"references":["var.db_engine_version"]},"final_snapshot_identifier":{"references":["var.name"]},"identifier":{"references":["var.name"]},"instance_class":{"references":["var.db_instance_class"]},"multi_az":{"references":["var.db_multi_az"]},"password":{"references":["random_password.db.result","random_password.db"]},"skip_final_snapshot":{"constant_value":false},"storage_encrypted":{"constant_value":true},"tags":{"references":["var.name"]},"username":{"references":["var.db_username"]},"vpc_security_group_ids":{"references":["aws_security_group.rds.id","aws_security_group.rds"]}},"schema_version":2},{"address":"aws_db_subnet_group.this","mode":"managed","type":"aws_db_subnet_group","name":"this","provider_config_key":"aws","expressions":{"name":{"references":["var.name"]},"subnet_ids":{"references":["aws_subnet.private"]},"tags":{"references":["var.name"]}},"schema_version":0},{"address":"aws_ecs_cluster.this","mode":"managed","type":"aws_ecs_cluster","name":"this","provider_config_key":"aws","expressions":{"name":{"references":["var.name"]}},"schema_version":0},{"address":"aws_ecs_service.this","mode":"managed","type":"aws_ecs_service","name":"this","provider_config_key":"aws","expressions":{"cluster":{"references":["aws_ecs_cluster.this.id","aws_ecs_cluster.this"]},"deployment_maximum_percent":{"constant_value":200},"deployment_minimum_healthy_percent":{"constant_value":0},"desired_count":{"references":["var.desired_count"]},"launch_type":{"constant_value":"FARGATE"},"load_balancer":[{"container_name":{"references":["local.container_name"]},"container_port":{"references":["local.container_port"]},"target_group_arn":{"references":["aws_lb_target_group.this.arn","aws_lb_target_group.this"]}}],"name":{"references":["var.name"]},"network_configuration":[{"assign_public_ip":{"constant_value":false},"security_groups":{"references":["aws_security_group.ecs.id","aws_security_group.ecs"]},"subnets":{"references":["aws_subnet.private"]}}],"task_definition":{"references":["aws_ecs_task_definition.this.arn","aws_ecs_task_definition.this"]}},"schema_version":1,"depends_on":["aws_lb_listener.http","aws_lb_listener.https"]},{"address":"aws_ecs_task_definition.this","mode":"managed","type":"aws_ecs_task_definition","name":"this","provider_config_key":"aws","expressions":{"container_definitions":{"references":["local.container_name","var.sonarqube_image","local.container_port","aws_db_instance.this.address","aws_db_instance.this","aws_db_instance.this.port","aws_db_instance.this","var.db_name","var.db_username","aws_secretsmanager_secret.db.arn","aws_secretsmanager_secret.db","local.efs_paths.data","local.efs_paths","local.efs_paths.extensions","local.efs_paths","local.efs_paths.logs","local.efs_paths","aws_cloudwatch_log_group.this.name","aws_cloudwatch_log_group.this","data.aws_region.current.name","data.aws_region.current"]},"cpu":{"references":["var.ecs_cpu"]},"execution_role_arn":{"references":["aws_iam_role.ecs_task_execution.arn","aws_iam_role.ecs_task_execution"]},"family":{"references":["var.name"]},"memory":{"references":["var.ecs_memory"]},"network_mode":{"constant_value":"awsvpc"},"requires_compatibilities":{"constant_value":["FARGATE"]},"task_role_arn":{"references":["aws_iam_role.ecs_task.arn","aws_iam_role.ecs_task"]},"volume":[{"efs_volume_configuration":[{"authorization_config":[{"access_point_id":{"references":["aws_efs_access_point.this.id","aws_efs_access_point.this"]},"iam":{"constant_value":"ENABLED"}}],"file_system_id":{"references":["aws_efs_file_system.this.id","aws_efs_file_system.this"]},"transit_encryption":{"constant_value":"ENABLED"}}],"name":{"constant_value":"sonarqube-efs"}}]},"schema_version":1,"depends_on":["aws_efs_mount_target.this"]},{"address":"aws_efs_access_point.this","mode":"managed","type":"aws_efs_access_point","name":"this","provider_config_key":"aws","expressions":{"file_system_id":{"references":["aws_efs_file_system.this.id","aws_efs_file_system.this"]},"posix_user":[{"gid":{"constant_value":1000},"uid":{"constant_value":1000}}],"root_directory":[{"creation_info":[{"owner_gid":{"constant_value":1000},"owner_uid":{"constant_value":1000},"permissions":{"constant_value":"0755"}}],"path":{"constant_value":"/sonarqube"}}],"tags":{"references":["var.name"]}},"schema_version":0},{"address":"aws_efs_file_system.this","mode":"managed","type":"aws_efs_file_system","name":"this","provider_config_key":"aws","expressions":{"encrypted":{"constant_value":true},"lifecycle_policy":[{"transition_to_ia":{"constant_value":"AFTER_30_DAYS"}}],"tags":{"references":["var.name"]}},"schema_version":0},{"address":"aws_efs_mount_target.this","mode":"managed","type":"aws_efs_mount_target","name":"this","provider_config_key":"aws","expressions":{"file_system_id":{"references":["aws_efs_file_system.this.id","aws_efs_file_system.this"]},"security_groups":{"references":["aws_security_group.efs.id","aws_security_group.efs"]},"subnet_id":{"references":["each.value.id","each.value"]}},"schema_version":0,"for_each_expression":{"references":["aws_subnet.private"]}},{"address":"aws_eip.nat","mode":"managed","type":"aws_eip","name":"nat","provider_config_key":"aws","expressions":{"domain":{"constant_value":"vpc"},"tags":{"references":["var.name"]}},"schema_version":0},{"address":"aws_iam_policy.secrets_read","mode":"managed","type":"aws_iam_policy","name":"secrets_read","provider_config_key":"aws","expressions":{"description":{"constant_value":"Allow ECS task to read required secrets"},"name":{"references":["var.name"]},"policy":{"references":["aws_secretsmanager_secret.db.arn","aws_secretsmanager_secret.db","aws_secretsmanager_secret.custom_ca","aws_secretsmanager_secret.custom_ca[0].arn","aws_secretsmanager_secret.custom_ca[0]","aws_secretsmanager_secret.custom_ca"]}},"schema_version":0},{"address":"aws_iam_role.ecs_task","mode":"managed","type":"aws_iam_role","name":"ecs_task","provider_config_key":"aws","expressions":{"assume_role_policy":{},"name":{"references":["var.name"]}},"schema_version":0},{"address":"aws_iam_role.ecs_task_execution","mode":"managed","type":"aws_iam_role","name":"ecs_task_execution","provider_config_key":"aws","expressions":{"assume_role_policy":{},"name":{"references":["var.name"]}},"schema_version":0},{"address":"aws_iam_role_policy_attachment.ecs_task_execution","mode":"managed","type":"aws_iam_role_policy_attachment","name":"ecs_task_execution","provider_config_key":"aws","expressions":{"policy_arn":{"references":["data.aws_partition.current.partition","data.aws_partition.current"]},"role":{"references":["aws_iam_role.ecs_task_execution.name","aws_iam_role.ecs_task_execution"]}},"schema_version":0},{"address":"aws_iam_role_policy_attachment.secrets_read","mode":"managed","type":"aws_iam_role_policy_attachment","name":"secrets_read","provider_config_key":"aws","expressions":{"policy_arn":{"references":["aws_iam_policy.secrets_read.arn","aws_iam_policy.secrets_read"]},"role":{"references":["aws_iam_role.ecs_task.name","aws_iam_role.ecs_task"]}},"schema_version":0},{"address":"aws_internet_gateway.this","mode":"managed","type":"aws_internet_gateway","name":"this","provider_config_key":"aws","expressions":{"tags":{"references":["var.name"]},"vpc_id":{"references":["aws_vpc.this.id","aws_vpc.this"]}},"schema_version":0},{"address":"aws_lb.this","mode":"managed","type":"aws_lb","name":"this","provider_config_key":"aws","expressions":{"load_balancer_type":{"constant_value":"application"},"name":{"references":["var.name"]},"security_groups":{"references":["aws_security_group.alb.id","aws_security_group.alb"]},"subnets":{"references":["aws_subnet.public"]},"tags":{"references":["var.name"]}},"schema_version":0},{"address":"aws_lb_listener.http","mode":"managed","type":"aws_lb_listener","name":"http","provider_config_key":"aws","expressions":{"default_action":[{"type":{"references":["local.use_https"]}}],"load_balancer_arn":{"references":["aws_lb.this.arn","aws_lb.this"]},"port":{"constant_value":80},"protocol":{"constant_value":"HTTP"}},"schema_version":0},{"address":"aws_lb_listener.https","mode":"managed","type":"aws_lb_listener","name":"https","provider_config_key":"aws","expressions":{"certificate_arn":{"references":["var.acm_certificate_arn"]},"default_action":[{"target_group_arn":{"references":["aws_lb_target_group.this.arn","aws_lb_target_group.this"]},"type":{"constant_value":"forward"}}],"load_balancer_arn":{"references":["aws_lb.this.arn","aws_lb.this"]},"port":{"constant_value":443},"protocol":{"constant_value":"HTTPS"},"ssl_policy":{"constant_value":"ELBSecurityPolicy-TLS13-1-2-2021-06"}},"schema_version":0,"count_expression":{"references":["local.use_https"]}},{"address":"aws_lb_target_group.this","mode":"managed","type":"aws_lb_target_group","name":"this","provider_config_key":"aws","expressions":{"health_check":[{"healthy_threshold":{"constant_value":2},"interval":{"constant_value":30},"matcher":{"constant_value":"200-399"},"path":{"constant_value":"/"},"protocol":{"constant_value":"HTTP"},"timeout":{"constant_value":10},"unhealthy_threshold":{"constant_value":5}}],"name":{"references":["var.name"]},"port":{"references":["local.container_port"]},"protocol":{"constant_value":"HTTP"},"tags":{"references":["var.name"]},"target_type":{"constant_value":"ip"},"vpc_id":{"references":["aws_vpc.this.id","aws_vpc.this"]}},"schema_version":0},{"address":"aws_nat_gateway.this","mode":"managed","type":"aws_nat_gateway","name":"this","provider_config_key":"aws","expressions":{"allocation_id":{"references":["aws_eip.nat.id","aws_eip.nat"]},"subnet_id":{"references":["aws_subnet.public"]},"tags":{"references":["var.name"]}},"schema_version":0,"depends_on":["aws_internet_gateway.this"]},{"address":"aws_route.private_nat","mode":"managed","type":"aws_route","name":"private_nat","provider_config_key":"aws","expressions":{"destination_cidr_block":{"constant_value":"0.0.0.0/0"},"nat_gateway_id":{"references":["aws_nat_gateway.this.id","aws_nat_gateway.this"]},"route_table_id":{"references":["aws_route_table.private.id","aws_route_table.private"]}},"schema_version":0},{"address":"aws_route.public_inet","mode":"managed","type":"aws_route","name":"public_inet","provider_config_key":"aws","expressions":{"destination_cidr_block":{"constant_value":"0.0.0.0/0"},"gateway_id":{"references":["aws_internet_gateway.this.id","aws_internet_gateway.this"]},"route_table_id":{"references":["aws_route_table.public.id","aws_route_table.public"]}},"schema_version":0},{"address":"aws_route53_record.alb","mode":"managed","type":"aws_route53_record","name":"alb","provider_config_key":"aws","expressions":{"alias":[{"evaluate_target_health":{"constant_value":true},"name":{"references":["aws_lb.this.dns_name","aws_lb.this"]},"zone_id":{"references":["aws_lb.this.zone_id","aws_lb.this"]}}],"name":{"references":["var.subdomain","var.domain_name"]},"type":{"constant_value":"A"},"zone_id":{"references":["data.aws_route53_zone.this[0].zone_id","data.aws_route53_zone.this[0]","data.aws_route53_zone.this"]}},"schema_version":2,"count_expression":{"references":["local.create_route53"]}},{"address":"aws_route_table.private","mode":"managed","type":"aws_route_table","name":"private","provider_config_key":"aws","expressions":{"tags":{"references":["var.name"]},"vpc_id":{"references":["aws_vpc.this.id","aws_vpc.this"]}},"schema_version":0},{"address":"aws_route_table.public","mode":"managed","type":"aws_route_table","name":"public","provider_config_key":"aws","expressions":{"tags":{"references":["var.name"]},"vpc_id":{"references":["aws_vpc.this.id","aws_vpc.this"]}},"schema_version":0},{"address":"aws_route_table_association.private","mode":"managed","type":"aws_route_table_association","name":"private","provider_config_key":"aws","expressions":{"route_table_id":{"references":["aws_route_table.private.id","aws_route_table.private"]},"subnet_id":{"references":["each.value.id","each.value"]}},"schema_version":0,"for_each_expression":{"references":["aws_subnet.private"]}},{"address":"aws_route_table_association.public","mode":"managed","type":"aws_route_table_association","name":"public","provider_config_key":"aws","expressions":{"route_table_id":{"references":["aws_route_table.public.id","aws_route_table.public"]},"subnet_id":{"references":["each.value.id","each.value"]}},"schema_version":0,"for_each_expression":{"references":["aws_subnet.public"]}},{"address":"aws_s3_bucket.tf_state","mode":"managed","type":"aws_s3_bucket","name":"tf_state","provider_config_key":"aws","expressions":{"bucket":{"references":["var.terraform_state_bucket_name"]},"tags":{"references":["var.name"]}},"schema_version":0,"count_expression":{"references":["var.terraform_state_bucket_name"]}},{"address":"aws_s3_bucket_public_access_block.tf_state","mode":"managed","type":"aws_s3_bucket_public_access_block","name":"tf_state","provider_config_key":"aws","expressions":{"block_public_acls":{"constant_value":true},"block_public_policy":{"constant_value":true},"bucket":{"references":["aws_s3_bucket.tf_state[0].id","aws_s3_bucket.tf_state[0]","aws_s3_bucket.tf_state"]},"ignore_public_acls":{"constant_value":true},"restrict_public_buckets":{"constant_value":true}},"schema_version":0,"count_expression":{"references":["var.terraform_state_bucket_name"]}},{"address":"aws_s3_bucket_server_side_encryption_configuration.tf_state","mode":"managed","type":"aws_s3_bucket_server_side_encryption_configuration","name":"tf_state","provider_config_key":"aws","expressions":{"bucket":{"references":["aws_s3_bucket.tf_state[0].id","aws_s3_bucket.tf_state[0]","aws_s3_bucket.tf_state"]},"rule":[{"apply_server_side_encryption_by_default":[{"sse_algorithm":{"constant_value":"AES256"}}]}]},"schema_version":0,"count_expression":{"references":["var.terraform_state_bucket_name"]}},{"address":"aws_s3_bucket_versioning.tf_state","mode":"managed","type":"aws_s3_bucket_versioning","name":"tf_state","provider_config_key":"aws","expressions":{"bucket":{"references":["aws_s3_bucket.tf_state[0].id","aws_s3_bucket.tf_state[0]","aws_s3_bucket.tf_state"]},"versioning_configuration":[{"status":{"constant_value":"Enabled"}}]},"schema_version":0,"count_expression":{"references":["var.terraform_state_bucket_name"]}},{"address":"aws_secretsmanager_secret.custom_ca","mode":"managed","type":"aws_secretsmanager_secret","name":"custom_ca","provider_config_key":"aws","expressions":{"name":{"references":["var.name"]},"recovery_window_in_days":{"constant_value":7},"tags":{"references":["var.name"]}},"schema_version":0,"count_expression":{"references":["var.custom_ca_pem"]}},{"address":"aws_secretsmanager_secret.db","mode":"managed","type":"aws_secretsmanager_secret","name":"db","provider_config_key":"aws","expressions":{"name":{"references":["var.name"]},"recovery_window_in_days":{"constant_value":7},"tags":{"references":["var.name"]}},"schema_version":0},{"address":"aws_secretsmanager_secret_version.custom_ca","mode":"managed","type":"aws_secretsmanager_secret_version","name":"custom_ca","provider_config_key":"aws","expressions":{"secret_id":{"references":["aws_secretsmanager_secret.custom_ca[0].id","aws_secretsmanager_secret.custom_ca[0]","aws_secretsmanager_secret.custom_ca"]},"secret_string":{"references":["var.custom_ca_pem"]}},"schema_version":0,"count_expression":{"references":["var.custom_ca_pem"]}},{"address":"aws_secretsmanager_secret_version.db","mode":"managed","type":"aws_secretsmanager_secret_version","name":"db","provider_config_key":"aws","expressions":{"secret_id":{"references":["aws_secretsmanager_secret.db.id","aws_secretsmanager_secret.db"]},"secret_string":{"references":["var.db_username","random_password.db.result","random_password.db","var.db_name"]}},"schema_version":0},{"address":"aws_security_group.alb","mode":"managed","type":"aws_security_group","name":"alb","provider_config_key":"aws","expressions":{"description":{"constant_value":"ALB ingress"},"egress":{"constant_value":[{"cidr_blocks":["0.0.0.0/0"],"description":null,"from_port":0,"ipv6_cidr_blocks":null,"prefix_list_ids":null,"protocol":"-1","security_groups":null,"self":null,"to_port":0}]},"ingress":{"references":["var.allowed_ingress_cidrs","var.allowed_ingress_cidrs"]},"name":{"references":["var.name"]},"tags":{"references":["var.name"]},"vpc_id":{"references":["aws_vpc.this.id","aws_vpc.this"]}},"schema_version":1},{"address":"aws_security_group.ecs","mode":"managed","type":"aws_security_group","name":"ecs","provider_config_key":"aws","expressions":{"description":{"constant_value":"ECS tasks"},"egress":{"constant_value":[{"cidr_blocks":["0.0.0.0/0"],"description":null,"from_port":0,"ipv6_cidr_blocks":null,"prefix_list_ids":null,"protocol":"-1","security_groups":null,"self":null,"to_port":0}]},"ingress":{"references":["local.container_port","aws_security_group.alb.id","aws_security_group.alb","local.container_port"]},"name":{"references":["var.name"]},"tags":{"references":["var.name"]},"vpc_id":{"references":["aws_vpc.this.id","aws_vpc.this"]}},"schema_version":1},{"address":"aws_security_group.efs","mode":"managed","type":"aws_security_group","name":"efs","provider_config_key":"aws","expressions":{"description":{"constant_value":"EFS"},"egress":{"constant_value":[{"cidr_blocks":["0.0.0.0/0"],"description":null,"from_port":0,"ipv6_cidr_blocks":null,"prefix_list_ids":null,"protocol":"-1","security_groups":null,"self":null,"to_port":0}]},"ingress":{"references":["aws_security_group.ecs.id","aws_security_group.ecs"]},"name":{"references":["var.name"]},"tags":{"references":["var.name"]},"vpc_id":{"references":["aws_vpc.this.id","aws_vpc.this"]}},"schema_version":1},{"address":"aws_security_group.rds","mode":"managed","type":"aws_security_group","name":"rds","provider_config_key":"aws","expressions":{"description":{"constant_value":"RDS"},"egress":{"constant_value":[{"cidr_blocks":["0.0.0.0/0"],"description":null,"from_port":0,"ipv6_cidr_blocks":null,"prefix_list_ids":null,"protocol":"-1","security_groups":null,"self":null,"to_port":0}]},"ingress":{"references":["aws_security_group.ecs.id","aws_security_group.ecs"]},"name":{"references":["var.name"]},"tags":{"references":["var.name"]},"vpc_id":{"references":["aws_vpc.this.id","aws_vpc.this"]}},"schema_version":1},{"address":"aws_subnet.private","mode":"managed","type":"aws_subnet","name":"private","provider_config_key":"aws","expressions":{"availability_zone":{"references":["each.value.az","each.value"]},"cidr_block":{"references":["each.value.cidr","each.value"]},"tags":{"references":["var.name","each.value.az","each.value"]},"vpc_id":{"references":["aws_vpc.this.id","aws_vpc.this"]}},"schema_version":1,"for_each_expression":{"references":["local.azs","local.private_subnet_cidrs"]}},{"address":"aws_subnet.public","mode":"managed","type":"aws_subnet","name":"public","provider_config_key":"aws","expressions":{"availability_zone":{"references":["each.value.az","each.value"]},"cidr_block":{"references":["each.value.cidr","each.value"]},"map_public_ip_on_launch":{"constant_value":true},"tags":{"references":["var.name","each.value.az","each.value"]},"vpc_id":{"references":["aws_vpc.this.id","aws_vpc.this"]}},"schema_version":1,"for_each_expression":{"references":["local.azs","local.public_subnet_cidrs"]}},{"address":"aws_vpc.this","mode":"managed","type":"aws_vpc","name":"this","provider_config_key":"aws","expressions":{"cidr_block":{"references":["var.vpc_cidr"]},"enable_dns_hostnames":{"constant_value":true},"enable_dns_support":{"constant_value":true},"tags":{"references":["var.name"]}},"schema_version":1},{"address":"random_password.db","mode":"managed","type":"random_password","name":"db","provider_config_key":"random","expressions":{"length":{"constant_value":24},"special":{"constant_value":true}},"schema_version":3},{"address":"data.aws_availability_zones.available","mode":"data","type":"aws_availability_zones","name":"available","provider_config_key":"aws","expressions":{"state":{"constant_value":"available"}},"schema_version":0},{"address":"data.aws_caller_identity.current","mode":"data","type":"aws_caller_identity","name":"current","provider_config_key":"aws","schema_version":0},{"address":"data.aws_partition.current","mode":"data","type":"aws_partition","name":"current","provider_config_key":"aws","schema_version":0},{"address":"data.aws_region.current","mode":"data","type":"aws_region","name":"current","provider_config_key":"aws","schema_version":0},{"address":"data.aws_route53_zone.this","mode":"data","type":"aws_route53_zone","name":"this","provider_config_key":"aws","expressions":{"name":{"references":["var.domain_name"]},"private_zone":{"constant_value":false}},"schema_version":0,"count_expression":{"references":["local.create_route53"]}}],"variables":{"acm_certificate_arn":{"default":"","description":"ACM certificate ARN for the ALB HTTPS listener. If empty, an HTTP listener on 80 will be created instead."},"alb_access_logs_bucket_name":{"default":"","description":"S3 bucket name for ALB access logs (required if enable_alb_access_logs=true)."},"allowed_ingress_cidrs":{"default":["0.0.0.0/0"],"description":"CIDR blocks allowed to access the ALB. Use [\"0.0.0.0/0\"] for public access (not recommended)."},"aws_region":{"default":"us-east-1","description":"AWS region to deploy into."},"az_count":{"default":2,"description":"Number of AZs to use (2 recommended)."},"custom_ca_pem":{"default":"","description":"Optional custom CA bundle PEM content to trust internal TLS endpoints. If set, it will be stored in Secrets Manager and mounted into the task.","sensitive":true},"db_allocated_storage":{"default":50,"description":"RDS allocated storage (GiB)."},"db_engine_version":{"default":"16.3","description":"PostgreSQL engine version."},"db_instance_class":{"default":"db.t4g.medium","description":"RDS instance class."},"db_multi_az":{"default":true,"description":"Enable Multi-AZ for RDS."},"db_name":{"default":"sonarqube","description":"Database name."},"db_username":{"default":"sonar","description":"Database master username."},"desired_count":{"default":1,"description":"ECS service desired count (SonarQube community typically 1)."},"domain_name":{"default":"","description":"Optional Route53 hosted zone domain (e.g., example.com). Leave empty to skip Route53 record creation."},"ecs_cpu":{"default":1024,"description":"Fargate task CPU units."},"ecs_memory":{"default":2048,"description":"Fargate task memory (MiB)."},"enable_alb_access_logs":{"default":false,"description":"Enable ALB access logs to S3."},"name":{"default":"sonarqube","description":"Name prefix for resources."},"sonarqube_image":{"default":"sonarqube:10.4.1-community","description":"Container image for SonarQube. Use public image or your ECR image if you build a custom one."},"subdomain":{"default":"sonarqube","description":"Subdomain for SonarQube (e.g., sonarqube). Used only if domain_name is set."},"tags":{"default":{"Managed":"terraform","Project":"sonarqube"},"description":"Tags applied to all resources."},"terraform_state_bucket_name":{"default":"","description":"Optional: create an S3 bucket for Terraform state (for AWS-native backend). Leave empty to skip."},"vpc_cidr":{"default":"10.20.0.0/16","description":"VPC CIDR."}}}},"relevant_attributes":[{"resource":"aws_ecs_cluster.this","attribute":["id"]},{"resource":"aws_security_group.alb","attribute":["id"]},{"resource":"aws_secretsmanager_secret.db","attribute":["id"]},{"resource":"aws_vpc.this","attribute":["id"]},{"resource":"aws_cloudwatch_log_group.this","attribute":["name"]},{"resource":"aws_db_instance.this","attribute":["port"]},{"resource":"aws_db_subnet_group.this","attribute":["name"]},{"resource":"aws_subnet.public","attribute":[]},{"resource":"aws_efs_access_point.this","attribute":["id"]},{"resource":"aws_efs_file_system.this","attribute":["id"]},{"resource":"aws_secretsmanager_secret.custom_ca[0]","attribute":["arn"]},{"resource":"aws_eip.nat","attribute":["id"]},{"resource":"aws_internet_gateway.this","attribute":["id"]},{"resource":"data.aws_availability_zones.available","attribute":["names"]},{"resource":"aws_iam_policy.secrets_read","attribute":["arn"]},{"resource":"aws_iam_role.ecs_task_execution","attribute":["arn"]},{"resource":"aws_db_instance.this","attribute":["address"]},{"resource":"aws_ecs_task_definition.this","attribute":["arn"]},{"resource":"aws_route_table.public","attribute":["id"]},{"resource":"aws_route_table.private","attribute":["id"]},{"resource":"aws_secretsmanager_secret.db","attribute":["arn"]},{"resource":"aws_security_group.rds","attribute":["id"]},{"resource":"aws_iam_role.ecs_task_execution","attribute":["name"]},{"resource":"data.aws_region.current","attribute":["name"]},{"resource":"aws_lb_target_group.this","attribute":["arn"]},{"resource":"aws_nat_gateway.this","attribute":["id"]},{"resource":"aws_security_group.ecs","attribute":["id"]},{"resource":"aws_lb.this","attribute":["dns_name"]},{"resource":"aws_secretsmanager_secret.custom_ca","attribute":[]},{"resource":"aws_iam_role.ecs_task","attribute":["name"]},{"resource":"random_password.db","attribute":["result"]},{"resource":"aws_iam_role.ecs_task","attribute":["arn"]},{"resource":"aws_lb.this","attribute":["arn"]},{"resource":"aws_security_group.efs","attribute":["id"]},{"resource":"aws_subnet.private","attribute":[]},{"resource":"data.aws_partition.current","attribute":["partition"]},{"resource":"aws_route53_record.alb[0]","attribute":["fqdn"]}],"timestamp":"2026-01-27T06:18:44Z","applyable":true,"complete":true,"errored":false}
