data.aws_ami.linux: Reading...
data.aws_iam_policy_document.ec2_assume_role_policy: Reading...
data.aws_iam_policy_document.ec2_assume_role_policy: Read complete after 0s [id=2851119427]
data.aws_ami.linux: Read complete after 3s [id=ami-04681a1dbd79675a5]

Terraform used the selected providers to generate the following execution
plan. Resource actions are indicated with the following symbols:
  + create

Terraform will perform the following actions:

  # aws_cloudwatch_log_group.ec2_logs will be created
  + resource "aws_cloudwatch_log_group" "ec2_logs" {
      + arn                         = (known after apply)
      + deletion_protection_enabled = (known after apply)
      + id                          = (known after apply)
      + log_group_class             = (known after apply)
      + name                        = "/codegen/ec2"
      + name_prefix                 = (known after apply)
      + region                      = "us-east-1"
      + retention_in_days           = 14
      + skip_destroy                = false
      + tags_all                    = (known after apply)
    }

  # aws_iam_instance_profile.ec2_profile will be created
  + resource "aws_iam_instance_profile" "ec2_profile" {
      + arn         = (known after apply)
      + create_date = (known after apply)
      + id          = (known after apply)
      + name        = "codegen-ec2-profile"
      + name_prefix = (known after apply)
      + path        = "/"
      + role        = "codegen-ec2-role"
      + tags_all    = (known after apply)
      + unique_id   = (known after apply)
    }

  # aws_iam_role.ec2_role will be created
  + resource "aws_iam_role" "ec2_role" {
      + arn                   = (known after apply)
      + assume_role_policy    = jsonencode(
            {
              + Statement = [
                  + {
                      + Action    = "sts:AssumeRole"
                      + Effect    = "Allow"
                      + Principal = {
                          + Service = "ec2.amazonaws.com"
                        }
                    },
                ]
              + Version   = "2012-10-17"
            }
        )
      + create_date           = (known after apply)
      + force_detach_policies = false
      + id                    = (known after apply)
      + managed_policy_arns   = (known after apply)
      + max_session_duration  = 3600
      + name                  = "codegen-ec2-role"
      + name_prefix           = (known after apply)
      + path                  = "/"
      + tags_all              = (known after apply)
      + unique_id             = (known after apply)

      + inline_policy (known after apply)
    }

  # aws_iam_role_policy_attachment.ec2_cloudwatch will be created
  + resource "aws_iam_role_policy_attachment" "ec2_cloudwatch" {
      + id         = (known after apply)
      + policy_arn = "arn:aws:iam::aws:policy/CloudWatchAgentServerPolicy"
      + role       = "codegen-ec2-role"
    }

  # aws_iam_role_policy_attachment.ec2_s3 will be created
  + resource "aws_iam_role_policy_attachment" "ec2_s3" {
      + id         = (known after apply)
      + policy_arn = "arn:aws:iam::aws:policy/AmazonS3FullAccess"
      + role       = "codegen-ec2-role"
    }

  # aws_iam_role_policy_attachment.ec2_ssm will be created
  + resource "aws_iam_role_policy_attachment" "ec2_ssm" {
      + id         = (known after apply)
      + policy_arn = "arn:aws:iam::aws:policy/AmazonSSMManagedInstanceCore"
      + role       = "codegen-ec2-role"
    }

  # aws_instance.codegen will be created
  + resource "aws_instance" "codegen" {
      + ami                                  = "ami-04681a1dbd79675a5"
      + arn                                  = (known after apply)
      + associate_public_ip_address          = true
      + availability_zone                    = (known after apply)
      + disable_api_stop                     = (known after apply)
      + disable_api_termination              = (known after apply)
      + ebs_optimized                        = (known after apply)
      + enable_primary_ipv6                  = (known after apply)
      + force_destroy                        = false
      + get_password_data                    = false
      + host_id                              = (known after apply)
      + host_resource_group_arn              = (known after apply)
      + iam_instance_profile                 = "codegen-ec2-profile"
      + id                                   = (known after apply)
      + instance_initiated_shutdown_behavior = (known after apply)
      + instance_lifecycle                   = (known after apply)
      + instance_state                       = (known after apply)
      + instance_type                        = "t3.micro"
      + ipv6_address_count                   = (known after apply)
      + ipv6_addresses                       = (known after apply)
      + key_name                             = (known after apply)
      + monitoring                           = (known after apply)
      + outpost_arn                          = (known after apply)
      + password_data                        = (known after apply)
      + placement_group                      = (known after apply)
      + placement_group_id                   = (known after apply)
      + placement_partition_number           = (known after apply)
      + primary_network_interface_id         = (known after apply)
      + private_dns                          = (known after apply)
      + private_ip                           = (known after apply)
      + public_dns                           = (known after apply)
      + public_ip                            = (known after apply)
      + region                               = "us-east-1"
      + secondary_private_ips                = (known after apply)
      + security_groups                      = (known after apply)
      + source_dest_check                    = true
      + spot_instance_request_id             = (known after apply)
      + subnet_id                            = (known after apply)
      + tags                                 = {
          + "Name" = "codegen-ec2"
        }
      + tags_all                             = {
          + "Name" = "codegen-ec2"
        }
      + tenancy                              = (known after apply)
      + user_data                            = <<-EOT
            #!/bin/bash
            set -e
            # Install updates and tools
            yum update -y
            amazon-linux-extras install epel -y
            yum install -y git unzip awscli
            # Install Rust
            curl --proto '=https' --tlsv1.2 -sSf https://sh.rustup.rs | sh -s -- -y
            source $HOME/.cargo/env
            # Install COBOL (GnuCOBOL)
            yum install -y gnucobol
            # Install CloudWatch Agent
            yum install -y amazon-cloudwatch-agent
            # SSM Agent is preinstalled on Amazon Linux 2
            # Create working directory
            mkdir -p /codegen
            # Sync S3 bucket (replace with actual bucket name at runtime)
            # aws s3 sync s3://${S3_BUCKET}/ /codegen/
            # Log setup
            cat <<EOF > /etc/cloudwatch-agent-config.json
            {
              "logs": {
                "logs_collected": {
                  "files": {
                    "collect_list": [
                      {
                        "file_path": "/var/log/messages",
                        "log_group_name": "/codegen/ec2",
                        "log_stream_name": "messages"
                      },
                      {
                        "file_path": "/var/log/cloud-init.log",
                        "log_group_name": "/codegen/ec2",
                        "log_stream_name": "cloud-init"
                      }
                    ]
                  }
                }
              }
            }
            EOF
            /opt/aws/amazon-cloudwatch-agent/bin/amazon-cloudwatch-agent-ctl -a fetch-config -m ec2 -c file:/etc/cloudwatch-agent-config.json -s
        EOT
      + user_data_base64                     = (known after apply)
      + user_data_replace_on_change          = false
      + vpc_security_group_ids               = (known after apply)

      + capacity_reservation_specification (known after apply)

      + cpu_options (known after apply)

      + ebs_block_device (known after apply)

      + enclave_options (known after apply)

      + ephemeral_block_device (known after apply)

      + instance_market_options (known after apply)

      + maintenance_options (known after apply)

      + metadata_options (known after apply)

      + network_interface (known after apply)

      + primary_network_interface (known after apply)

      + private_dns_name_options (known after apply)

      + root_block_device {
          + delete_on_termination = true
          + device_name           = (known after apply)
          + encrypted             = (known after apply)
          + iops                  = (known after apply)
          + kms_key_id            = (known after apply)
          + tags_all              = (known after apply)
          + throughput            = (known after apply)
          + volume_id             = (known after apply)
          + volume_size           = 16
          + volume_type           = "gp3"
        }
    }

  # aws_internet_gateway.gw will be created
  + resource "aws_internet_gateway" "gw" {
      + arn      = (known after apply)
      + id       = (known after apply)
      + owner_id = (known after apply)
      + region   = "us-east-1"
      + tags     = {
          + "Name" = "codegen-igw"
        }
      + tags_all = {
          + "Name" = "codegen-igw"
        }
      + vpc_id   = (known after apply)
    }

  # aws_route_table.public will be created
  + resource "aws_route_table" "public" {
      + arn              = (known after apply)
      + id               = (known after apply)
      + owner_id         = (known after apply)
      + propagating_vgws = (known after apply)
      + region           = "us-east-1"
      + route            = [
          + {
              + cidr_block                 = "0.0.0.0/0"
              + gateway_id                 = (known after apply)
                # (11 unchanged attributes hidden)
            },
        ]
      + tags             = {
          + "Name" = "codegen-public-rt"
        }
      + tags_all         = {
          + "Name" = "codegen-public-rt"
        }
      + vpc_id           = (known after apply)
    }

  # aws_route_table_association.public_assoc will be created
  + resource "aws_route_table_association" "public_assoc" {
      + id             = (known after apply)
      + region         = "us-east-1"
      + route_table_id = (known after apply)
      + subnet_id      = (known after apply)
    }

  # aws_s3_bucket.artifacts will be created
  + resource "aws_s3_bucket" "artifacts" {
      + acceleration_status         = (known after apply)
      + acl                         = (known after apply)
      + arn                         = (known after apply)
      + bucket                      = (known after apply)
      + bucket_domain_name          = (known after apply)
      + bucket_prefix               = (known after apply)
      + bucket_region               = (known after apply)
      + bucket_regional_domain_name = (known after apply)
      + force_destroy               = true
      + hosted_zone_id              = (known after apply)
      + id                          = (known after apply)
      + object_lock_enabled         = (known after apply)
      + policy                      = (known after apply)
      + region                      = "us-east-1"
      + request_payer               = (known after apply)
      + tags                        = {
          + "Name" = "codegen-artifacts"
        }
      + tags_all                    = {
          + "Name" = "codegen-artifacts"
        }
      + website_domain              = (known after apply)
      + website_endpoint            = (known after apply)

      + cors_rule (known after apply)

      + grant (known after apply)

      + lifecycle_rule (known after apply)

      + logging (known after apply)

      + object_lock_configuration (known after apply)

      + replication_configuration (known after apply)

      + server_side_encryption_configuration (known after apply)

      + versioning (known after apply)

      + website (known after apply)
    }

  # aws_security_group.ec2_sg will be created
  + resource "aws_security_group" "ec2_sg" {
      + arn                    = (known after apply)
      + description            = "Allow SSH and SSM access"
      + egress                 = [
          + {
              + cidr_blocks      = [
                  + "0.0.0.0/0",
                ]
              + from_port        = 0
              + ipv6_cidr_blocks = []
              + prefix_list_ids  = []
              + protocol         = "-1"
              + security_groups  = []
              + self             = false
              + to_port          = 0
                # (1 unchanged attribute hidden)
            },
        ]
      + id                     = (known after apply)
      + ingress                = [
          + {
              + cidr_blocks      = [
                  + "0.0.0.0/0",
                ]
              + description      = "SSH"
              + from_port        = 22
              + ipv6_cidr_blocks = []
              + prefix_list_ids  = []
              + protocol         = "tcp"
              + security_groups  = []
              + self             = false
              + to_port          = 22
            },
          + {
              + cidr_blocks      = [
                  + "0.0.0.0/0",
                ]
              + description      = "SSM"
              + from_port        = 443
              + ipv6_cidr_blocks = []
              + prefix_list_ids  = []
              + protocol         = "tcp"
              + security_groups  = []
              + self             = false
              + to_port          = 443
            },
        ]
      + name                   = "codegen-ec2-sg"
      + name_prefix            = (known after apply)
      + owner_id               = (known after apply)
      + region                 = "us-east-1"
      + revoke_rules_on_delete = false
      + tags                   = {
          + "Name" = "codegen-ec2-sg"
        }
      + tags_all               = {
          + "Name" = "codegen-ec2-sg"
        }
      + vpc_id                 = (known after apply)
    }

  # aws_subnet.private will be created
  + resource "aws_subnet" "private" {
      + arn                                            = (known after apply)
      + assign_ipv6_address_on_creation                = false
      + availability_zone                              = (known after apply)
      + availability_zone_id                           = (known after apply)
      + cidr_block                                     = "10.0.2.0/24"
      + enable_dns64                                   = false
      + enable_resource_name_dns_a_record_on_launch    = false
      + enable_resource_name_dns_aaaa_record_on_launch = false
      + id                                             = (known after apply)
      + ipv6_cidr_block_association_id                 = (known after apply)
      + ipv6_native                                    = false
      + map_public_ip_on_launch                        = false
      + owner_id                                       = (known after apply)
      + private_dns_hostname_type_on_launch            = (known after apply)
      + region                                         = "us-east-1"
      + tags                                           = {
          + "Name" = "codegen-private-subnet"
        }
      + tags_all                                       = {
          + "Name" = "codegen-private-subnet"
        }
      + vpc_id                                         = (known after apply)
    }

  # aws_subnet.public will be created
  + resource "aws_subnet" "public" {
      + arn                                            = (known after apply)
      + assign_ipv6_address_on_creation                = false
      + availability_zone                              = (known after apply)
      + availability_zone_id                           = (known after apply)
      + cidr_block                                     = "10.0.1.0/24"
      + enable_dns64                                   = false
      + enable_resource_name_dns_a_record_on_launch    = false
      + enable_resource_name_dns_aaaa_record_on_launch = false
      + id                                             = (known after apply)
      + ipv6_cidr_block_association_id                 = (known after apply)
      + ipv6_native                                    = false
      + map_public_ip_on_launch                        = true
      + owner_id                                       = (known after apply)
      + private_dns_hostname_type_on_launch            = (known after apply)
      + region                                         = "us-east-1"
      + tags                                           = {
          + "Name" = "codegen-public-subnet"
        }
      + tags_all                                       = {
          + "Name" = "codegen-public-subnet"
        }
      + vpc_id                                         = (known after apply)
    }

  # aws_vpc.main will be created
  + resource "aws_vpc" "main" {
      + arn                                  = (known after apply)
      + cidr_block                           = "10.0.0.0/16"
      + default_network_acl_id               = (known after apply)
      + default_route_table_id               = (known after apply)
      + default_security_group_id            = (known after apply)
      + dhcp_options_id                      = (known after apply)
      + enable_dns_hostnames                 = true
      + enable_dns_support                   = true
      + enable_network_address_usage_metrics = (known after apply)
      + id                                   = (known after apply)
      + instance_tenancy                     = "default"
      + ipv6_association_id                  = (known after apply)
      + ipv6_cidr_block                      = (known after apply)
      + ipv6_cidr_block_network_border_group = (known after apply)
      + main_route_table_id                  = (known after apply)
      + owner_id                             = (known after apply)
      + region                               = "us-east-1"
      + tags                                 = {
          + "Name" = "codegen-vpc"
        }
      + tags_all                             = {
          + "Name" = "codegen-vpc"
        }
    }

  # random_id.suffix will be created
  + resource "random_id" "suffix" {
      + b64_std     = (known after apply)
      + b64_url     = (known after apply)
      + byte_length = 4
      + dec         = (known after apply)
      + hex         = (known after apply)
      + id          = (known after apply)
    }

Plan: 16 to add, 0 to change, 0 to destroy.

Changes to Outputs:
  + cloudwatch_log_group_name = "/codegen/ec2"
  + ec2_instance_id           = (known after apply)
  + ec2_public_ip             = (known after apply)
  + private_subnet_id         = (known after apply)
  + public_subnet_id          = (known after apply)
  + s3_bucket_name            = (known after apply)
  + vpc_id                    = (known after apply)
random_id.suffix: Creating...
random_id.suffix: Creation complete after 0s [id=oG1XiQ]
aws_cloudwatch_log_group.ec2_logs: Creating...
aws_iam_role.ec2_role: Creating...
aws_vpc.main: Creating...
aws_s3_bucket.artifacts: Creating...
aws_iam_role.ec2_role: Creation complete after 0s [id=codegen-ec2-role]
aws_iam_role_policy_attachment.ec2_ssm: Creating...
aws_iam_role_policy_attachment.ec2_cloudwatch: Creating...
aws_iam_role_policy_attachment.ec2_s3: Creating...
aws_iam_instance_profile.ec2_profile: Creating...
aws_iam_role_policy_attachment.ec2_ssm: Creation complete after 0s [id=codegen-ec2-role/arn:aws:iam::aws:policy/AmazonSSMManagedInstanceCore]
aws_iam_role_policy_attachment.ec2_cloudwatch: Creation complete after 0s [id=codegen-ec2-role/arn:aws:iam::aws:policy/CloudWatchAgentServerPolicy]
aws_iam_role_policy_attachment.ec2_s3: Creation complete after 0s [id=codegen-ec2-role/arn:aws:iam::aws:policy/AmazonS3FullAccess]
aws_cloudwatch_log_group.ec2_logs: Creation complete after 1s [id=/codegen/ec2]
aws_iam_instance_profile.ec2_profile: Creation complete after 6s [id=codegen-ec2-profile]
aws_vpc.main: Still creating... [00m10s elapsed]
aws_vpc.main: Creation complete after 10s [id=vpc-1a4162f3ec8a95283]
aws_internet_gateway.gw: Creating...
aws_subnet.private: Creating...
aws_subnet.public: Creating...
aws_security_group.ec2_sg: Creating...
aws_subnet.private: Creation complete after 0s [id=subnet-038c784d5ae38f36c]
aws_internet_gateway.gw: Creation complete after 0s [id=igw-7756b08ffdb31e966]
aws_route_table.public: Creating...
aws_security_group.ec2_sg: Creation complete after 0s [id=sg-e0965f0d10a152883]
aws_route_table.public: Creation complete after 0s [id=rtb-39f75927372e8cfde]
aws_subnet.public: Still creating... [00m10s elapsed]
aws_subnet.public: Creation complete after 10s [id=subnet-e747fe755c655de04]
aws_route_table_association.public_assoc: Creating...
aws_instance.codegen: Creating...
aws_route_table_association.public_assoc: Creation complete after 0s [id=rtbassoc-b4f6556a5fbc57ef5]
aws_instance.codegen: Still creating... [00m10s elapsed]
aws_instance.codegen: Creation complete after 17s [id=i-414eb312980c5e2da]
