{
  "version": 4,
  "terraform_version": "1.13.5",
  "serial": 6,
  "lineage": "cad99ce2-2b8d-a01f-a819-6ab97735455e",
  "outputs": {
    "iam_group_name": {
      "value": "s3-bucket-s3-group-s3-bucket",
      "type": "string"
    },
    "iam_role_name": {
      "value": "s3-bucket-s3-role-s3-bucket",
      "type": "string"
    },
    "iam_user_name": {
      "value": "s3-bucket-s3-user-s3-bucket",
      "type": "string"
    }
  },
  "resources": [
    {
      "mode": "managed",
      "type": "aws_iam_group",
      "name": "this",
      "provider": "provider[\"registry.terraform.io/hashicorp/aws\"]",
      "instances": [
        {
          "schema_version": 0,
          "attributes": {
            "arn": "arn:aws:iam::000000000000:group/s3-bucket-s3-group-s3-bucket",
            "id": "s3-bucket-s3-group-s3-bucket",
            "name": "s3-bucket-s3-group-s3-bucket",
            "path": "/",
            "unique_id": "hzm1b64898frk0ttzksh"
          },
          "sensitive_attributes": [],
          "identity_schema_version": 0,
          "private": "bnVsbA=="
        }
      ]
    },
    {
      "mode": "managed",
      "type": "aws_iam_role",
      "name": "this",
      "provider": "provider[\"registry.terraform.io/hashicorp/aws\"]",
      "instances": [
        {
          "schema_version": 0,
          "attributes": {
            "arn": "arn:aws:iam::000000000000:role/s3-bucket-s3-role-s3-bucket",
            "assume_role_policy": "{\"Statement\":[{\"Action\":\"sts:AssumeRole\",\"Effect\":\"Allow\",\"Principal\":{\"Service\":\"s3.amazonaws.com\"}}],\"Version\":\"2012-10-17\"}",
            "create_date": "2026-01-27T19:26:07Z",
            "description": "",
            "force_detach_policies": false,
            "id": "s3-bucket-s3-role-s3-bucket",
            "inline_policy": [],
            "managed_policy_arns": [],
            "max_session_duration": 3600,
            "name": "s3-bucket-s3-role-s3-bucket",
            "name_prefix": "",
            "path": "/",
            "permissions_boundary": "",
            "tags": null,
            "tags_all": {},
            "unique_id": "AROAQAAAAAAAHW745TYSZ"
          },
          "sensitive_attributes": [],
          "identity_schema_version": 0,
          "identity": {
            "account_id": "",
            "name": "s3-bucket-s3-role-s3-bucket"
          },
          "private": "bnVsbA=="
        }
      ]
    },
    {
      "mode": "managed",
      "type": "aws_iam_user",
      "name": "this",
      "provider": "provider[\"registry.terraform.io/hashicorp/aws\"]",
      "instances": [
        {
          "schema_version": 0,
          "attributes": {
            "arn": "arn:aws:iam::000000000000:user/s3-bucket-s3-user-s3-bucket",
            "force_destroy": false,
            "id": "s3-bucket-s3-user-s3-bucket",
            "name": "s3-bucket-s3-user-s3-bucket",
            "path": "/",
            "permissions_boundary": "",
            "tags": null,
            "tags_all": {},
            "unique_id": "1ou7silhbmmknp37cwyd"
          },
          "sensitive_attributes": [],
          "identity_schema_version": 0,
          "private": "bnVsbA=="
        }
      ]
    },
    {
      "mode": "managed",
      "type": "aws_iam_user_group_membership",
      "name": "this",
      "provider": "provider[\"registry.terraform.io/hashicorp/aws\"]",
      "instances": [
        {
          "schema_version": 0,
          "attributes": {
            "groups": [
              "s3-bucket-s3-group-s3-bucket"
            ],
            "id": "terraform-20260127192607865700000001",
            "user": "s3-bucket-s3-user-s3-bucket"
          },
          "sensitive_attributes": [],
          "identity_schema_version": 0,
          "private": "bnVsbA==",
          "dependencies": [
            "aws_iam_group.this",
            "aws_iam_user.this"
          ]
        }
      ]
    }
  ],
  "check_results": null
}
