{
  "version": 4,
  "terraform_version": "1.13.5",
  "serial": 7,
  "lineage": "ed61773e-1b92-9c15-b6f1-baaad055d6f6",
  "outputs": {
    "ssm_parameter_names": {
      "value": [
        "/k8s-cron-nc-backup/DB_HOST",
        "/k8s-cron-nc-backup/DB_NAME",
        "/k8s-cron-nc-backup/DB_PASS",
        "/k8s-cron-nc-backup/DB_USER",
        "/k8s-cron-nc-backup/FTP_HOST",
        "/k8s-cron-nc-backup/FTP_PASS",
        "/k8s-cron-nc-backup/FTP_USER"
      ],
      "type": [
        "tuple",
        [
          "string",
          "string",
          "string",
          "string",
          "string",
          "string",
          "string"
        ]
      ]
    }
  },
  "resources": [
    {
      "mode": "managed",
      "type": "aws_s3_bucket",
      "name": "artifacts",
      "provider": "provider[\"registry.terraform.io/hashicorp/aws\"]",
      "instances": []
    },
    {
      "mode": "managed",
      "type": "aws_ssm_parameter",
      "name": "env",
      "provider": "provider[\"registry.terraform.io/hashicorp/aws\"]",
      "instances": [
        {
          "index_key": "DB_HOST",
          "schema_version": 0,
          "attributes": {
            "allowed_pattern": "",
            "arn": "arn:aws:ssm:us-east-1:000000000000:parameter/k8s-cron-nc-backup/DB_HOST",
            "data_type": "text",
            "description": "Runtime env var DB_HOST for k8s-cron-nc-backup",
            "has_value_wo": false,
            "id": "/k8s-cron-nc-backup/DB_HOST",
            "insecure_value": null,
            "key_id": "alias/aws/ssm",
            "name": "/k8s-cron-nc-backup/DB_HOST",
            "overwrite": null,
            "region": "us-east-1",
            "tags": null,
            "tags_all": {
              "Managed": "terraform",
              "Project": "k8s-cron-nc-backup"
            },
            "tier": "",
            "type": "SecureString",
            "value": "change-me",
            "value_wo": null,
            "value_wo_version": null,
            "version": 1
          },
          "sensitive_attributes": [
            [
              {
                "type": "get_attr",
                "value": "value"
              }
            ],
            [
              {
                "type": "get_attr",
                "value": "value_wo"
              }
            ]
          ],
          "identity_schema_version": 0,
          "identity": {
            "account_id": "000000000000",
            "name": "/k8s-cron-nc-backup/DB_HOST",
            "region": "us-east-1"
          },
          "private": "bnVsbA=="
        },
        {
          "index_key": "DB_NAME",
          "schema_version": 0,
          "attributes": {
            "allowed_pattern": "",
            "arn": "arn:aws:ssm:us-east-1:000000000000:parameter/k8s-cron-nc-backup/DB_NAME",
            "data_type": "text",
            "description": "Runtime env var DB_NAME for k8s-cron-nc-backup",
            "has_value_wo": false,
            "id": "/k8s-cron-nc-backup/DB_NAME",
            "insecure_value": null,
            "key_id": "alias/aws/ssm",
            "name": "/k8s-cron-nc-backup/DB_NAME",
            "overwrite": null,
            "region": "us-east-1",
            "tags": null,
            "tags_all": {
              "Managed": "terraform",
              "Project": "k8s-cron-nc-backup"
            },
            "tier": "",
            "type": "SecureString",
            "value": "nextcloud",
            "value_wo": null,
            "value_wo_version": null,
            "version": 1
          },
          "sensitive_attributes": [
            [
              {
                "type": "get_attr",
                "value": "value"
              }
            ],
            [
              {
                "type": "get_attr",
                "value": "value_wo"
              }
            ]
          ],
          "identity_schema_version": 0,
          "identity": {
            "account_id": "000000000000",
            "name": "/k8s-cron-nc-backup/DB_NAME",
            "region": "us-east-1"
          },
          "private": "bnVsbA=="
        },
        {
          "index_key": "DB_PASS",
          "schema_version": 0,
          "attributes": {
            "allowed_pattern": "",
            "arn": "arn:aws:ssm:us-east-1:000000000000:parameter/k8s-cron-nc-backup/DB_PASS",
            "data_type": "text",
            "description": "Runtime env var DB_PASS for k8s-cron-nc-backup",
            "has_value_wo": false,
            "id": "/k8s-cron-nc-backup/DB_PASS",
            "insecure_value": null,
            "key_id": "alias/aws/ssm",
            "name": "/k8s-cron-nc-backup/DB_PASS",
            "overwrite": null,
            "region": "us-east-1",
            "tags": null,
            "tags_all": {
              "Managed": "terraform",
              "Project": "k8s-cron-nc-backup"
            },
            "tier": "",
            "type": "SecureString",
            "value": "change-me",
            "value_wo": null,
            "value_wo_version": null,
            "version": 1
          },
          "sensitive_attributes": [
            [
              {
                "type": "get_attr",
                "value": "value"
              }
            ],
            [
              {
                "type": "get_attr",
                "value": "value_wo"
              }
            ]
          ],
          "identity_schema_version": 0,
          "identity": {
            "account_id": "000000000000",
            "name": "/k8s-cron-nc-backup/DB_PASS",
            "region": "us-east-1"
          },
          "private": "bnVsbA=="
        },
        {
          "index_key": "DB_USER",
          "schema_version": 0,
          "attributes": {
            "allowed_pattern": "",
            "arn": "arn:aws:ssm:us-east-1:000000000000:parameter/k8s-cron-nc-backup/DB_USER",
            "data_type": "text",
            "description": "Runtime env var DB_USER for k8s-cron-nc-backup",
            "has_value_wo": false,
            "id": "/k8s-cron-nc-backup/DB_USER",
            "insecure_value": null,
            "key_id": "alias/aws/ssm",
            "name": "/k8s-cron-nc-backup/DB_USER",
            "overwrite": null,
            "region": "us-east-1",
            "tags": null,
            "tags_all": {
              "Managed": "terraform",
              "Project": "k8s-cron-nc-backup"
            },
            "tier": "",
            "type": "SecureString",
            "value": "change-me",
            "value_wo": null,
            "value_wo_version": null,
            "version": 1
          },
          "sensitive_attributes": [
            [
              {
                "type": "get_attr",
                "value": "value"
              }
            ],
            [
              {
                "type": "get_attr",
                "value": "value_wo"
              }
            ]
          ],
          "identity_schema_version": 0,
          "identity": {
            "account_id": "000000000000",
            "name": "/k8s-cron-nc-backup/DB_USER",
            "region": "us-east-1"
          },
          "private": "bnVsbA=="
        },
        {
          "index_key": "FTP_HOST",
          "schema_version": 0,
          "attributes": {
            "allowed_pattern": "",
            "arn": "arn:aws:ssm:us-east-1:000000000000:parameter/k8s-cron-nc-backup/FTP_HOST",
            "data_type": "text",
            "description": "Runtime env var FTP_HOST for k8s-cron-nc-backup",
            "has_value_wo": false,
            "id": "/k8s-cron-nc-backup/FTP_HOST",
            "insecure_value": null,
            "key_id": "alias/aws/ssm",
            "name": "/k8s-cron-nc-backup/FTP_HOST",
            "overwrite": null,
            "region": "us-east-1",
            "tags": null,
            "tags_all": {
              "Managed": "terraform",
              "Project": "k8s-cron-nc-backup"
            },
            "tier": "",
            "type": "SecureString",
            "value": "change-me",
            "value_wo": null,
            "value_wo_version": null,
            "version": 1
          },
          "sensitive_attributes": [
            [
              {
                "type": "get_attr",
                "value": "value"
              }
            ],
            [
              {
                "type": "get_attr",
                "value": "value_wo"
              }
            ]
          ],
          "identity_schema_version": 0,
          "identity": {
            "account_id": "000000000000",
            "name": "/k8s-cron-nc-backup/FTP_HOST",
            "region": "us-east-1"
          },
          "private": "bnVsbA=="
        },
        {
          "index_key": "FTP_PASS",
          "schema_version": 0,
          "attributes": {
            "allowed_pattern": "",
            "arn": "arn:aws:ssm:us-east-1:000000000000:parameter/k8s-cron-nc-backup/FTP_PASS",
            "data_type": "text",
            "description": "Runtime env var FTP_PASS for k8s-cron-nc-backup",
            "has_value_wo": false,
            "id": "/k8s-cron-nc-backup/FTP_PASS",
            "insecure_value": null,
            "key_id": "alias/aws/ssm",
            "name": "/k8s-cron-nc-backup/FTP_PASS",
            "overwrite": null,
            "region": "us-east-1",
            "tags": null,
            "tags_all": {
              "Managed": "terraform",
              "Project": "k8s-cron-nc-backup"
            },
            "tier": "",
            "type": "SecureString",
            "value": "change-me",
            "value_wo": null,
            "value_wo_version": null,
            "version": 1
          },
          "sensitive_attributes": [
            [
              {
                "type": "get_attr",
                "value": "value"
              }
            ],
            [
              {
                "type": "get_attr",
                "value": "value_wo"
              }
            ]
          ],
          "identity_schema_version": 0,
          "identity": {
            "account_id": "000000000000",
            "name": "/k8s-cron-nc-backup/FTP_PASS",
            "region": "us-east-1"
          },
          "private": "bnVsbA=="
        },
        {
          "index_key": "FTP_USER",
          "schema_version": 0,
          "attributes": {
            "allowed_pattern": "",
            "arn": "arn:aws:ssm:us-east-1:000000000000:parameter/k8s-cron-nc-backup/FTP_USER",
            "data_type": "text",
            "description": "Runtime env var FTP_USER for k8s-cron-nc-backup",
            "has_value_wo": false,
            "id": "/k8s-cron-nc-backup/FTP_USER",
            "insecure_value": null,
            "key_id": "alias/aws/ssm",
            "name": "/k8s-cron-nc-backup/FTP_USER",
            "overwrite": null,
            "region": "us-east-1",
            "tags": null,
            "tags_all": {
              "Managed": "terraform",
              "Project": "k8s-cron-nc-backup"
            },
            "tier": "",
            "type": "SecureString",
            "value": "change-me",
            "value_wo": null,
            "value_wo_version": null,
            "version": 1
          },
          "sensitive_attributes": [
            [
              {
                "type": "get_attr",
                "value": "value"
              }
            ],
            [
              {
                "type": "get_attr",
                "value": "value_wo"
              }
            ]
          ],
          "identity_schema_version": 0,
          "identity": {
            "account_id": "000000000000",
            "name": "/k8s-cron-nc-backup/FTP_USER",
            "region": "us-east-1"
          },
          "private": "bnVsbA=="
        }
      ]
    }
  ],
  "check_results": null
}
