module.lb_controller_irsa.data.aws_partition.current: Reading...
data.aws_ami.al2023: Reading...
data.aws_availability_zones.available: Reading...
module.lb_controller_irsa.data.aws_caller_identity.current: Reading...
module.lb_controller_irsa.data.aws_region.current: Reading...
module.eks.data.aws_iam_policy_document.assume_role_policy[0]: Reading...
module.eks.data.aws_caller_identity.current[0]: Reading...
module.eks.data.aws_partition.current[0]: Reading...
module.lb_controller_irsa.data.aws_partition.current: Read complete after 0s [id=aws]
module.lb_controller_irsa.data.aws_region.current: Read complete after 0s [id=us-east-1]
module.eks.data.aws_partition.current[0]: Read complete after 0s [id=aws]
module.eks.data.aws_iam_policy_document.assume_role_policy[0]: Read complete after 0s [id=2830595799]
module.lb_controller_irsa.data.aws_caller_identity.current: Read complete after 0s [id=000000000000]
module.eks.data.aws_caller_identity.current[0]: Read complete after 0s [id=000000000000]
module.eks.data.aws_iam_session_context.current[0]: Reading...
module.eks.data.aws_iam_session_context.current[0]: Read complete after 0s [id=arn:aws:iam::000000000000:root]
module.eks.data.aws_iam_policy_document.custom[0]: Reading...
module.eks.module.kms.data.aws_partition.current[0]: Reading...
module.eks.data.aws_iam_policy_document.custom[0]: Read complete after 0s [id=513122117]
module.eks.module.kms.data.aws_caller_identity.current[0]: Reading...
module.eks.module.kms.data.aws_partition.current[0]: Read complete after 0s [id=aws]
module.lb_controller_irsa.data.aws_iam_policy_document.load_balancer_controller[0]: Reading...
module.lb_controller_irsa.data.aws_iam_policy_document.load_balancer_controller[0]: Read complete after 0s [id=1541424006]
module.eks.module.kms.data.aws_caller_identity.current[0]: Read complete after 0s [id=000000000000]
data.aws_availability_zones.available: Read complete after 1s [id=us-east-1]
module.eks.module.eks_managed_node_group["default"].data.aws_partition.current: Reading...
module.eks.module.eks_managed_node_group["default"].data.aws_caller_identity.current: Reading...
module.eks.module.eks_managed_node_group["default"].data.aws_partition.current: Read complete after 0s [id=aws]
module.eks.module.eks_managed_node_group["default"].data.aws_iam_policy_document.assume_role_policy[0]: Reading...
module.eks.module.eks_managed_node_group["default"].data.aws_iam_policy_document.assume_role_policy[0]: Read complete after 0s [id=2560088296]
module.eks.module.eks_managed_node_group["default"].data.aws_caller_identity.current: Read complete after 0s [id=000000000000]
data.aws_ami.al2023: Read complete after 6s [id=ami-07c1fa5792ef8fe27]

Terraform used the selected providers to generate the following execution
plan. Resource actions are indicated with the following symbols:
  + create
 <= read (data resources)

Terraform will perform the following actions:

  # aws_ecr_lifecycle_policy.app will be created
  + resource "aws_ecr_lifecycle_policy" "app" {
      + id          = (known after apply)
      + policy      = jsonencode(
            {
              + rules = [
                  + {
                      + action       = {
                          + type = "expire"
                        }
                      + description  = "Keep last 30 images"
                      + rulePriority = 1
                      + selection    = {
                          + countNumber = 30
                          + countType   = "imageCountMoreThan"
                          + tagStatus   = "any"
                        }
                    },
                ]
            }
        )
      + registry_id = (known after apply)
      + repository  = "mvn-hello-world-dev/tomcat-war"
    }

  # aws_ecr_repository.app will be created
  + resource "aws_ecr_repository" "app" {
      + arn                  = (known after apply)
      + id                   = (known after apply)
      + image_tag_mutability = "IMMUTABLE"
      + name                 = "mvn-hello-world-dev/tomcat-war"
      + registry_id          = (known after apply)
      + repository_url       = (known after apply)
      + tags_all             = {
          + "Environment" = "dev"
          + "ManagedBy"   = "terraform"
          + "Project"     = "mvn-hello-world"
        }

      + encryption_configuration {
          + encryption_type = "AES256"
          + kms_key         = (known after apply)
        }

      + image_scanning_configuration {
          + scan_on_push = true
        }
    }

  # aws_kms_alias.eks will be created
  + resource "aws_kms_alias" "eks" {
      + arn            = (known after apply)
      + id             = (known after apply)
      + name           = "alias/mvn-hello-world-dev-eks"
      + name_prefix    = (known after apply)
      + target_key_arn = (known after apply)
      + target_key_id  = (known after apply)
    }

  # aws_kms_key.eks will be created
  + resource "aws_kms_key" "eks" {
      + arn                                = (known after apply)
      + bypass_policy_lockout_safety_check = false
      + customer_master_key_spec           = "SYMMETRIC_DEFAULT"
      + deletion_window_in_days            = 7
      + description                        = "KMS key for EKS secrets encryption"
      + enable_key_rotation                = true
      + id                                 = (known after apply)
      + is_enabled                         = true
      + key_id                             = (known after apply)
      + key_usage                          = "ENCRYPT_DECRYPT"
      + multi_region                       = (known after apply)
      + policy                             = (known after apply)
      + rotation_period_in_days            = (known after apply)
      + tags_all                           = {
          + "Environment" = "dev"
          + "ManagedBy"   = "terraform"
          + "Project"     = "mvn-hello-world"
        }
    }

  # helm_release.aws_load_balancer_controller will be created
  + resource "helm_release" "aws_load_balancer_controller" {
      + atomic                     = false
      + chart                      = "aws-load-balancer-controller"
      + cleanup_on_fail            = false
      + create_namespace           = false
      + dependency_update          = false
      + disable_crd_hooks          = false
      + disable_openapi_validation = false
      + disable_webhooks           = false
      + force_update               = false
      + id                         = (known after apply)
      + lint                       = false
      + manifest                   = (known after apply)
      + max_history                = 0
      + metadata                   = (known after apply)
      + name                       = "aws-load-balancer-controller"
      + namespace                  = "kube-system"
      + pass_credentials           = false
      + recreate_pods              = false
      + render_subchart_notes      = true
      + replace                    = false
      + repository                 = "https://aws.github.io/eks-charts"
      + reset_values               = false
      + reuse_values               = false
      + skip_crds                  = false
      + status                     = "deployed"
      + timeout                    = 300
      + verify                     = false
      + version                    = "3.0.0"
      + wait                       = true
      + wait_for_jobs              = false

      + set {
          + name  = "clusterName"
          + value = "mvn-hello-world-dev"
            # (1 unchanged attribute hidden)
        }
      + set {
          + name  = "region"
          + value = "us-east-1"
            # (1 unchanged attribute hidden)
        }
      + set {
          + name  = "serviceAccount.create"
          + value = "false"
            # (1 unchanged attribute hidden)
        }
      + set {
          + name  = "serviceAccount.name"
          + value = "aws-load-balancer-controller"
            # (1 unchanged attribute hidden)
        }
      + set {
          + name  = "vpcId"
          + value = (known after apply)
            # (1 unchanged attribute hidden)
        }
    }

  # kubernetes_deployment.app will be created
  + resource "kubernetes_deployment" "app" {
      + id               = (known after apply)
      + wait_for_rollout = true

      + metadata {
          + generation       = (known after apply)
          + labels           = {
              + "app" = "tomcat-war"
            }
          + name             = "tomcat-war"
          + namespace        = "app"
          + resource_version = (known after apply)
          + uid              = (known after apply)
        }

      + spec {
          + min_ready_seconds         = 0
          + paused                    = false
          + progress_deadline_seconds = 600
          + replicas                  = "2"
          + revision_history_limit    = 10

          + selector {
              + match_labels = {
                  + "app" = "tomcat-war"
                }
            }

          + strategy (known after apply)

          + template {
              + metadata {
                  + generation       = (known after apply)
                  + labels           = {
                      + "app" = "tomcat-war"
                    }
                  + name             = (known after apply)
                  + resource_version = (known after apply)
                  + uid              = (known after apply)
                }
              + spec {
                  + automount_service_account_token  = true
                  + dns_policy                       = "ClusterFirst"
                  + enable_service_links             = true
                  + host_ipc                         = false
                  + host_network                     = false
                  + host_pid                         = false
                  + hostname                         = (known after apply)
                  + node_name                        = (known after apply)
                  + restart_policy                   = "Always"
                  + scheduler_name                   = (known after apply)
                  + service_account_name             = (known after apply)
                  + share_process_namespace          = false
                  + termination_grace_period_seconds = 30

                  + container {
                      + image                      = "public.ecr.aws/docker/library/tomcat:8.0"
                      + image_pull_policy          = (known after apply)
                      + name                       = "tomcat-war"
                      + stdin                      = false
                      + stdin_once                 = false
                      + termination_message_path   = "/dev/termination-log"
                      + termination_message_policy = (known after apply)
                      + tty                        = false

                      + liveness_probe {
                          + failure_threshold     = 3
                          + initial_delay_seconds = 30
                          + period_seconds        = 10
                          + success_threshold     = 1
                          + timeout_seconds       = 1

                          + http_get {
                              + path   = "/"
                              + port   = "8080"
                              + scheme = "HTTP"
                            }
                        }

                      + port {
                          + container_port = 8080
                          + name           = "http"
                          + protocol       = "TCP"
                        }

                      + readiness_probe {
                          + failure_threshold     = 3
                          + initial_delay_seconds = 10
                          + period_seconds        = 10
                          + success_threshold     = 1
                          + timeout_seconds       = 1

                          + http_get {
                              + path   = "/"
                              + port   = "8080"
                              + scheme = "HTTP"
                            }
                        }

                      + resources {
                          + limits   = {
                              + "cpu"    = "500m"
                              + "memory" = "512Mi"
                            }
                          + requests = {
                              + "cpu"    = "100m"
                              + "memory" = "256Mi"
                            }
                        }
                    }

                  + image_pull_secrets (known after apply)

                  + readiness_gate (known after apply)
                }
            }
        }
    }

  # kubernetes_ingress_v1.app will be created
  + resource "kubernetes_ingress_v1" "app" {
      + id     = (known after apply)
      + status = (known after apply)

      + metadata {
          + annotations      = {
              + "alb.ingress.kubernetes.io/healthcheck-path" = "/"
              + "alb.ingress.kubernetes.io/listen-ports"     = jsonencode(
                    [
                      + {
                          + HTTP = 80
                        },
                    ]
                )
              + "alb.ingress.kubernetes.io/scheme"           = "internet-facing"
              + "alb.ingress.kubernetes.io/target-type"      = "ip"
              + "kubernetes.io/ingress.class"                = "alb"
            }
          + generation       = (known after apply)
          + name             = "tomcat-war-ingress"
          + namespace        = "app"
          + resource_version = (known after apply)
          + uid              = (known after apply)
        }

      + spec {
          + ingress_class_name = (known after apply)

          + rule {
              + http {
                  + path {
                      + path      = "/"
                      + path_type = "Prefix"

                      + backend {
                          + service {
                              + name = "tomcat-war"

                              + port {
                                  + number = 80
                                }
                            }
                        }
                    }
                }
            }
        }
    }

  # kubernetes_namespace.app will be created
  + resource "kubernetes_namespace" "app" {
      + id                               = (known after apply)
      + wait_for_default_service_account = false

      + metadata {
          + generation       = (known after apply)
          + labels           = {
              + "app.kubernetes.io/part-of" = "mvn-hello-world"
              + "environment"               = "dev"
            }
          + name             = "app"
          + resource_version = (known after apply)
          + uid              = (known after apply)
        }
    }

  # kubernetes_service.app will be created
  + resource "kubernetes_service" "app" {
      + id                     = (known after apply)
      + status                 = (known after apply)
      + wait_for_load_balancer = true

      + metadata {
          + generation       = (known after apply)
          + labels           = {
              + "app" = "tomcat-war"
            }
          + name             = "tomcat-war"
          + namespace        = "app"
          + resource_version = (known after apply)
          + uid              = (known after apply)
        }

      + spec {
          + allocate_load_balancer_node_ports = true
          + cluster_ip                        = (known after apply)
          + cluster_ips                       = (known after apply)
          + external_traffic_policy           = (known after apply)
          + health_check_node_port            = (known after apply)
          + internal_traffic_policy           = (known after apply)
          + ip_families                       = (known after apply)
          + ip_family_policy                  = (known after apply)
          + publish_not_ready_addresses       = false
          + selector                          = {
              + "app" = "tomcat-war"
            }
          + session_affinity                  = "None"
          + type                              = "ClusterIP"

          + port {
              + name        = "http"
              + node_port   = (known after apply)
              + port        = 80
              + protocol    = "TCP"
              + target_port = "8080"
            }

          + session_affinity_config (known after apply)
        }
    }

  # kubernetes_service_account.aws_load_balancer_controller will be created
  + resource "kubernetes_service_account" "aws_load_balancer_controller" {
      + automount_service_account_token = true
      + default_secret_name             = (known after apply)
      + id                              = (known after apply)

      + metadata {
          + annotations      = (known after apply)
          + generation       = (known after apply)
          + labels           = {
              + "app.kubernetes.io/name" = "aws-load-balancer-controller"
            }
          + name             = "aws-load-balancer-controller"
          + namespace        = "kube-system"
          + resource_version = (known after apply)
          + uid              = (known after apply)
        }
    }

  # module.eks.data.aws_eks_addon_version.this["coredns"] will be read during apply
  # (depends on a resource or a module with changes pending)
 <= data "aws_eks_addon_version" "this" {
      + addon_name         = "coredns"
      + id                 = (known after apply)
      + kubernetes_version = "1.29"
      + version            = (known after apply)
    }

  # module.eks.data.aws_eks_addon_version.this["kube-proxy"] will be read during apply
  # (depends on a resource or a module with changes pending)
 <= data "aws_eks_addon_version" "this" {
      + addon_name         = "kube-proxy"
      + id                 = (known after apply)
      + kubernetes_version = "1.29"
      + version            = (known after apply)
    }

  # module.eks.data.aws_eks_addon_version.this["vpc-cni"] will be read during apply
  # (depends on a resource or a module with changes pending)
 <= data "aws_eks_addon_version" "this" {
      + addon_name         = "vpc-cni"
      + id                 = (known after apply)
      + kubernetes_version = "1.29"
      + version            = (known after apply)
    }

  # module.eks.data.tls_certificate.this[0] will be read during apply
  # (config refers to values not yet known)
 <= data "tls_certificate" "this" {
      + certificates = (known after apply)
      + id           = (known after apply)
      + url          = (known after apply)
    }

  # module.eks.aws_cloudwatch_log_group.this[0] will be created
  + resource "aws_cloudwatch_log_group" "this" {
      + arn               = (known after apply)
      + id                = (known after apply)
      + log_group_class   = (known after apply)
      + name              = "/aws/eks/mvn-hello-world-dev/cluster"
      + name_prefix       = (known after apply)
      + retention_in_days = 90
      + skip_destroy      = false
      + tags              = {
          + "Name" = "/aws/eks/mvn-hello-world-dev/cluster"
        }
      + tags_all          = {
          + "Environment" = "dev"
          + "ManagedBy"   = "terraform"
          + "Name"        = "/aws/eks/mvn-hello-world-dev/cluster"
          + "Project"     = "mvn-hello-world"
        }
    }

  # module.eks.aws_eks_access_entry.this["cluster_creator"] will be created
  + resource "aws_eks_access_entry" "this" {
      + access_entry_arn  = (known after apply)
      + cluster_name      = (known after apply)
      + created_at        = (known after apply)
      + id                = (known after apply)
      + kubernetes_groups = (known after apply)
      + modified_at       = (known after apply)
      + principal_arn     = "arn:aws:iam::000000000000:root"
      + tags_all          = {
          + "Environment" = "dev"
          + "ManagedBy"   = "terraform"
          + "Project"     = "mvn-hello-world"
        }
      + type              = "STANDARD"
      + user_name         = (known after apply)
    }

  # module.eks.aws_eks_access_policy_association.this["cluster_creator_admin"] will be created
  + resource "aws_eks_access_policy_association" "this" {
      + associated_at = (known after apply)
      + cluster_name  = (known after apply)
      + id            = (known after apply)
      + modified_at   = (known after apply)
      + policy_arn    = "arn:aws:eks::aws:cluster-access-policy/AmazonEKSClusterAdminPolicy"
      + principal_arn = "arn:aws:iam::000000000000:root"

      + access_scope {
          + type = "cluster"
        }
    }

  # module.eks.aws_eks_addon.this["coredns"] will be created
  + resource "aws_eks_addon" "this" {
      + addon_name                  = "coredns"
      + addon_version               = (known after apply)
      + arn                         = (known after apply)
      + cluster_name                = (known after apply)
      + configuration_values        = (known after apply)
      + created_at                  = (known after apply)
      + id                          = (known after apply)
      + modified_at                 = (known after apply)
      + preserve                    = true
      + resolve_conflicts_on_create = "OVERWRITE"
      + resolve_conflicts_on_update = "OVERWRITE"
      + tags_all                    = {
          + "Environment" = "dev"
          + "ManagedBy"   = "terraform"
          + "Project"     = "mvn-hello-world"
        }

      + timeouts {}
    }

  # module.eks.aws_eks_addon.this["kube-proxy"] will be created
  + resource "aws_eks_addon" "this" {
      + addon_name                  = "kube-proxy"
      + addon_version               = (known after apply)
      + arn                         = (known after apply)
      + cluster_name                = (known after apply)
      + configuration_values        = (known after apply)
      + created_at                  = (known after apply)
      + id                          = (known after apply)
      + modified_at                 = (known after apply)
      + preserve                    = true
      + resolve_conflicts_on_create = "OVERWRITE"
      + resolve_conflicts_on_update = "OVERWRITE"
      + tags_all                    = {
          + "Environment" = "dev"
          + "ManagedBy"   = "terraform"
          + "Project"     = "mvn-hello-world"
        }

      + timeouts {}
    }

  # module.eks.aws_eks_addon.this["vpc-cni"] will be created
  + resource "aws_eks_addon" "this" {
      + addon_name                  = "vpc-cni"
      + addon_version               = (known after apply)
      + arn                         = (known after apply)
      + cluster_name                = (known after apply)
      + configuration_values        = (known after apply)
      + created_at                  = (known after apply)
      + id                          = (known after apply)
      + modified_at                 = (known after apply)
      + preserve                    = true
      + resolve_conflicts_on_create = "OVERWRITE"
      + resolve_conflicts_on_update = "OVERWRITE"
      + tags_all                    = {
          + "Environment" = "dev"
          + "ManagedBy"   = "terraform"
          + "Project"     = "mvn-hello-world"
        }

      + timeouts {}
    }

  # module.eks.aws_eks_cluster.this[0] will be created
  + resource "aws_eks_cluster" "this" {
      + arn                           = (known after apply)
      + bootstrap_self_managed_addons = true
      + certificate_authority         = (known after apply)
      + cluster_id                    = (known after apply)
      + created_at                    = (known after apply)
      + enabled_cluster_log_types     = [
          + "api",
          + "audit",
          + "authenticator",
        ]
      + endpoint                      = (known after apply)
      + id                            = (known after apply)
      + identity                      = (known after apply)
      + name                          = "mvn-hello-world-dev"
      + platform_version              = (known after apply)
      + role_arn                      = (known after apply)
      + status                        = (known after apply)
      + tags                          = {
          + "terraform-aws-modules" = "eks"
        }
      + tags_all                      = {
          + "Environment"           = "dev"
          + "ManagedBy"             = "terraform"
          + "Project"               = "mvn-hello-world"
          + "terraform-aws-modules" = "eks"
        }
      + version                       = "1.29"

      + access_config {
          + authentication_mode                         = "API_AND_CONFIG_MAP"
          + bootstrap_cluster_creator_admin_permissions = false
        }

      + encryption_config {
          + resources = [
              + "secrets",
            ]

          + provider {
              + key_arn = (known after apply)
            }
        }

      + kubernetes_network_config {
          + ip_family         = "ipv4"
          + service_ipv4_cidr = (known after apply)
          + service_ipv6_cidr = (known after apply)

          + elastic_load_balancing (known after apply)
        }

      + timeouts {}

      + upgrade_policy (known after apply)

      + vpc_config {
          + cluster_security_group_id = (known after apply)
          + endpoint_private_access   = true
          + endpoint_public_access    = true
          + public_access_cidrs       = [
              + "0.0.0.0/0",
            ]
          + security_group_ids        = (known after apply)
          + subnet_ids                = (known after apply)
          + vpc_id                    = (known after apply)
        }
    }

  # module.eks.aws_iam_openid_connect_provider.oidc_provider[0] will be created
  + resource "aws_iam_openid_connect_provider" "oidc_provider" {
      + arn             = (known after apply)
      + client_id_list  = [
          + "sts.amazonaws.com",
        ]
      + id              = (known after apply)
      + tags            = {
          + "Name" = "mvn-hello-world-dev-eks-irsa"
        }
      + tags_all        = {
          + "Environment" = "dev"
          + "ManagedBy"   = "terraform"
          + "Name"        = "mvn-hello-world-dev-eks-irsa"
          + "Project"     = "mvn-hello-world"
        }
      + thumbprint_list = (known after apply)
      + url             = (known after apply)
    }

  # module.eks.aws_iam_policy.cluster_encryption[0] will be created
  + resource "aws_iam_policy" "cluster_encryption" {
      + arn              = (known after apply)
      + attachment_count = (known after apply)
      + description      = "Cluster encryption policy to allow cluster role to utilize CMK provided"
      + id               = (known after apply)
      + name             = (known after apply)
      + name_prefix      = "mvn-hello-world-dev-cluster-ClusterEncryption"
      + path             = "/"
      + policy           = (known after apply)
      + policy_id        = (known after apply)
      + tags_all         = {
          + "Environment" = "dev"
          + "ManagedBy"   = "terraform"
          + "Project"     = "mvn-hello-world"
        }
    }

  # module.eks.aws_iam_policy.custom[0] will be created
  + resource "aws_iam_policy" "custom" {
      + arn              = (known after apply)
      + attachment_count = (known after apply)
      + id               = (known after apply)
      + name             = (known after apply)
      + name_prefix      = "mvn-hello-world-dev-cluster-"
      + path             = "/"
      + policy           = jsonencode(
            {
              + Statement = [
                  + {
                      + Action    = [
                          + "ec2:RunInstances",
                          + "ec2:CreateLaunchTemplate",
                          + "ec2:CreateFleet",
                        ]
                      + Condition = {
                          + StringEquals = {
                              + "aws:RequestTag/eks:eks-cluster-name" = "${aws:PrincipalTag/eks:eks-cluster-name}"
                            }
                          + StringLike   = {
                              + "aws:RequestTag/eks:kubernetes-node-class-name" = "*"
                              + "aws:RequestTag/eks:kubernetes-node-pool-name"  = "*"
                            }
                        }
                      + Effect    = "Allow"
                      + Resource  = "*"
                      + Sid       = "Compute"
                    },
                  + {
                      + Action    = [
                          + "ec2:CreateVolume",
                          + "ec2:CreateSnapshot",
                        ]
                      + Condition = {
                          + StringEquals = {
                              + "aws:RequestTag/eks:eks-cluster-name" = "${aws:PrincipalTag/eks:eks-cluster-name}"
                            }
                        }
                      + Effect    = "Allow"
                      + Resource  = [
                          + "arn:aws:ec2:*:*:volume/*",
                          + "arn:aws:ec2:*:*:snapshot/*",
                        ]
                      + Sid       = "Storage"
                    },
                  + {
                      + Action    = "ec2:CreateNetworkInterface"
                      + Condition = {
                          + StringEquals = {
                              + "aws:RequestTag/eks:eks-cluster-name"         = "${aws:PrincipalTag/eks:eks-cluster-name}"
                              + "aws:RequestTag/eks:kubernetes-cni-node-name" = "*"
                            }
                        }
                      + Effect    = "Allow"
                      + Resource  = "*"
                      + Sid       = "Networking"
                    },
                  + {
                      + Action    = [
                          + "elasticloadbalancing:CreateTargetGroup",
                          + "elasticloadbalancing:CreateRule",
                          + "elasticloadbalancing:CreateLoadBalancer",
                          + "elasticloadbalancing:CreateListener",
                          + "ec2:CreateSecurityGroup",
                        ]
                      + Condition = {
                          + StringEquals = {
                              + "aws:RequestTag/eks:eks-cluster-name" = "${aws:PrincipalTag/eks:eks-cluster-name}"
                            }
                        }
                      + Effect    = "Allow"
                      + Resource  = "*"
                      + Sid       = "LoadBalancer"
                    },
                  + {
                      + Action    = "shield:CreateProtection"
                      + Condition = {
                          + StringEquals = {
                              + "aws:RequestTag/eks:eks-cluster-name" = "${aws:PrincipalTag/eks:eks-cluster-name}"
                            }
                        }
                      + Effect    = "Allow"
                      + Resource  = "*"
                      + Sid       = "ShieldProtection"
                    },
                  + {
                      + Action    = "shield:TagResource"
                      + Condition = {
                          + StringEquals = {
                              + "aws:RequestTag/eks:eks-cluster-name" = "${aws:PrincipalTag/eks:eks-cluster-name}"
                            }
                        }
                      + Effect    = "Allow"
                      + Resource  = "arn:aws:shield::*:protection/*"
                      + Sid       = "ShieldTagResource"
                    },
                ]
              + Version   = "2012-10-17"
            }
        )
      + policy_id        = (known after apply)
      + tags_all         = {
          + "Environment" = "dev"
          + "ManagedBy"   = "terraform"
          + "Project"     = "mvn-hello-world"
        }
    }

  # module.eks.aws_iam_role.this[0] will be created
  + resource "aws_iam_role" "this" {
      + arn                   = (known after apply)
      + assume_role_policy    = jsonencode(
            {
              + Statement = [
                  + {
                      + Action    = [
                          + "sts:TagSession",
                          + "sts:AssumeRole",
                        ]
                      + Effect    = "Allow"
                      + Principal = {
                          + Service = "eks.amazonaws.com"
                        }
                      + Sid       = "EKSClusterAssumeRole"
                    },
                ]
              + Version   = "2012-10-17"
            }
        )
      + create_date           = (known after apply)
      + force_detach_policies = true
      + id                    = (known after apply)
      + managed_policy_arns   = (known after apply)
      + max_session_duration  = 3600
      + name                  = (known after apply)
      + name_prefix           = "mvn-hello-world-dev-cluster-"
      + path                  = "/"
      + tags_all              = {
          + "Environment" = "dev"
          + "ManagedBy"   = "terraform"
          + "Project"     = "mvn-hello-world"
        }
      + unique_id             = (known after apply)

      + inline_policy (known after apply)
    }

  # module.eks.aws_iam_role_policy_attachment.cluster_encryption[0] will be created
  + resource "aws_iam_role_policy_attachment" "cluster_encryption" {
      + id         = (known after apply)
      + policy_arn = (known after apply)
      + role       = (known after apply)
    }

  # module.eks.aws_iam_role_policy_attachment.custom[0] will be created
  + resource "aws_iam_role_policy_attachment" "custom" {
      + id         = (known after apply)
      + policy_arn = (known after apply)
      + role       = (known after apply)
    }

  # module.eks.aws_iam_role_policy_attachment.this["AmazonEKSClusterPolicy"] will be created
  + resource "aws_iam_role_policy_attachment" "this" {
      + id         = (known after apply)
      + policy_arn = "arn:aws:iam::aws:policy/AmazonEKSClusterPolicy"
      + role       = (known after apply)
    }

  # module.eks.aws_iam_role_policy_attachment.this["AmazonEKSVPCResourceController"] will be created
  + resource "aws_iam_role_policy_attachment" "this" {
      + id         = (known after apply)
      + policy_arn = "arn:aws:iam::aws:policy/AmazonEKSVPCResourceController"
      + role       = (known after apply)
    }

  # module.eks.aws_security_group.cluster[0] will be created
  + resource "aws_security_group" "cluster" {
      + arn                    = (known after apply)
      + description            = "EKS cluster security group"
      + egress                 = (known after apply)
      + id                     = (known after apply)
      + ingress                = (known after apply)
      + name                   = (known after apply)
      + name_prefix            = "mvn-hello-world-dev-cluster-"
      + owner_id               = (known after apply)
      + revoke_rules_on_delete = false
      + tags                   = {
          + "Name" = "mvn-hello-world-dev-cluster"
        }
      + tags_all               = {
          + "Environment" = "dev"
          + "ManagedBy"   = "terraform"
          + "Name"        = "mvn-hello-world-dev-cluster"
          + "Project"     = "mvn-hello-world"
        }
      + vpc_id                 = (known after apply)
    }

  # module.eks.aws_security_group.node[0] will be created
  + resource "aws_security_group" "node" {
      + arn                    = (known after apply)
      + description            = "EKS node shared security group"
      + egress                 = (known after apply)
      + id                     = (known after apply)
      + ingress                = (known after apply)
      + name                   = (known after apply)
      + name_prefix            = "mvn-hello-world-dev-node-"
      + owner_id               = (known after apply)
      + revoke_rules_on_delete = false
      + tags                   = {
          + "Name"                                      = "mvn-hello-world-dev-node"
          + "kubernetes.io/cluster/mvn-hello-world-dev" = "owned"
        }
      + tags_all               = {
          + "Environment"                               = "dev"
          + "ManagedBy"                                 = "terraform"
          + "Name"                                      = "mvn-hello-world-dev-node"
          + "Project"                                   = "mvn-hello-world"
          + "kubernetes.io/cluster/mvn-hello-world-dev" = "owned"
        }
      + vpc_id                 = (known after apply)
    }

  # module.eks.aws_security_group_rule.cluster["ingress_nodes_443"] will be created
  + resource "aws_security_group_rule" "cluster" {
      + description              = "Node groups to cluster API"
      + from_port                = 443
      + id                       = (known after apply)
      + protocol                 = "tcp"
      + security_group_id        = (known after apply)
      + security_group_rule_id   = (known after apply)
      + self                     = false
      + source_security_group_id = (known after apply)
      + to_port                  = 443
      + type                     = "ingress"
    }

  # module.eks.aws_security_group_rule.node["egress_all"] will be created
  + resource "aws_security_group_rule" "node" {
      + cidr_blocks              = [
          + "0.0.0.0/0",
        ]
      + description              = "Allow all egress"
      + from_port                = 0
      + id                       = (known after apply)
      + prefix_list_ids          = []
      + protocol                 = "-1"
      + security_group_id        = (known after apply)
      + security_group_rule_id   = (known after apply)
      + self                     = false
      + source_security_group_id = (known after apply)
      + to_port                  = 0
      + type                     = "egress"
    }

  # module.eks.aws_security_group_rule.node["ingress_cluster_443"] will be created
  + resource "aws_security_group_rule" "node" {
      + description              = "Cluster API to node groups"
      + from_port                = 443
      + id                       = (known after apply)
      + prefix_list_ids          = []
      + protocol                 = "tcp"
      + security_group_id        = (known after apply)
      + security_group_rule_id   = (known after apply)
      + self                     = false
      + source_security_group_id = (known after apply)
      + to_port                  = 443
      + type                     = "ingress"
    }

  # module.eks.aws_security_group_rule.node["ingress_cluster_4443_webhook"] will be created
  + resource "aws_security_group_rule" "node" {
      + description              = "Cluster API to node 4443/tcp webhook"
      + from_port                = 4443
      + id                       = (known after apply)
      + prefix_list_ids          = []
      + protocol                 = "tcp"
      + security_group_id        = (known after apply)
      + security_group_rule_id   = (known after apply)
      + self                     = false
      + source_security_group_id = (known after apply)
      + to_port                  = 4443
      + type                     = "ingress"
    }

  # module.eks.aws_security_group_rule.node["ingress_cluster_6443_webhook"] will be created
  + resource "aws_security_group_rule" "node" {
      + description              = "Cluster API to node 6443/tcp webhook"
      + from_port                = 6443
      + id                       = (known after apply)
      + prefix_list_ids          = []
      + protocol                 = "tcp"
      + security_group_id        = (known after apply)
      + security_group_rule_id   = (known after apply)
      + self                     = false
      + source_security_group_id = (known after apply)
      + to_port                  = 6443
      + type                     = "ingress"
    }

  # module.eks.aws_security_group_rule.node["ingress_cluster_8443_webhook"] will be created
  + resource "aws_security_group_rule" "node" {
      + description              = "Cluster API to node 8443/tcp webhook"
      + from_port                = 8443
      + id                       = (known after apply)
      + prefix_list_ids          = []
      + protocol                 = "tcp"
      + security_group_id        = (known after apply)
      + security_group_rule_id   = (known after apply)
      + self                     = false
      + source_security_group_id = (known after apply)
      + to_port                  = 8443
      + type                     = "ingress"
    }

  # module.eks.aws_security_group_rule.node["ingress_cluster_9443_webhook"] will be created
  + resource "aws_security_group_rule" "node" {
      + description              = "Cluster API to node 9443/tcp webhook"
      + from_port                = 9443
      + id                       = (known after apply)
      + prefix_list_ids          = []
      + protocol                 = "tcp"
      + security_group_id        = (known after apply)
      + security_group_rule_id   = (known after apply)
      + self                     = false
      + source_security_group_id = (known after apply)
      + to_port                  = 9443
      + type                     = "ingress"
    }

  # module.eks.aws_security_group_rule.node["ingress_cluster_kubelet"] will be created
  + resource "aws_security_group_rule" "node" {
      + description              = "Cluster API to node kubelets"
      + from_port                = 10250
      + id                       = (known after apply)
      + prefix_list_ids          = []
      + protocol                 = "tcp"
      + security_group_id        = (known after apply)
      + security_group_rule_id   = (known after apply)
      + self                     = false
      + source_security_group_id = (known after apply)
      + to_port                  = 10250
      + type                     = "ingress"
    }

  # module.eks.aws_security_group_rule.node["ingress_nodes_ephemeral"] will be created
  + resource "aws_security_group_rule" "node" {
      + description              = "Node to node ingress on ephemeral ports"
      + from_port                = 1025
      + id                       = (known after apply)
      + prefix_list_ids          = []
      + protocol                 = "tcp"
      + security_group_id        = (known after apply)
      + security_group_rule_id   = (known after apply)
      + self                     = true
      + source_security_group_id = (known after apply)
      + to_port                  = 65535
      + type                     = "ingress"
    }

  # module.eks.aws_security_group_rule.node["ingress_self_coredns_tcp"] will be created
  + resource "aws_security_group_rule" "node" {
      + description              = "Node to node CoreDNS"
      + from_port                = 53
      + id                       = (known after apply)
      + prefix_list_ids          = []
      + protocol                 = "tcp"
      + security_group_id        = (known after apply)
      + security_group_rule_id   = (known after apply)
      + self                     = true
      + source_security_group_id = (known after apply)
      + to_port                  = 53
      + type                     = "ingress"
    }

  # module.eks.aws_security_group_rule.node["ingress_self_coredns_udp"] will be created
  + resource "aws_security_group_rule" "node" {
      + description              = "Node to node CoreDNS UDP"
      + from_port                = 53
      + id                       = (known after apply)
      + prefix_list_ids          = []
      + protocol                 = "udp"
      + security_group_id        = (known after apply)
      + security_group_rule_id   = (known after apply)
      + self                     = true
      + source_security_group_id = (known after apply)
      + to_port                  = 53
      + type                     = "ingress"
    }

  # module.eks.time_sleep.this[0] will be created
  + resource "time_sleep" "this" {
      + create_duration = "30s"
      + id              = (known after apply)
      + triggers        = {
          + "cluster_certificate_authority_data" = (known after apply)
          + "cluster_endpoint"                   = (known after apply)
          + "cluster_name"                       = (known after apply)
          + "cluster_service_cidr"               = (known after apply)
          + "cluster_version"                    = "1.29"
        }
    }

  # module.lb_controller_irsa.data.aws_iam_policy_document.this[0] will be read during apply
  # (config refers to values not yet known)
 <= data "aws_iam_policy_document" "this" {
      + id            = (known after apply)
      + json          = (known after apply)
      + minified_json = (known after apply)

      + statement {
          + actions = [
              + "sts:AssumeRoleWithWebIdentity",
            ]
          + effect  = "Allow"

          + condition {
              + test     = "StringEquals"
              + values   = [
                  + "sts.amazonaws.com",
                ]
              + variable = (known after apply)
            }
          + condition {
              + test     = "StringEquals"
              + values   = [
                  + "system:serviceaccount:kube-system:aws-load-balancer-controller",
                ]
              + variable = (known after apply)
            }

          + principals {
              + identifiers = [
                  + (known after apply),
                ]
              + type        = "Federated"
            }
        }
    }

  # module.lb_controller_irsa.aws_iam_policy.load_balancer_controller[0] will be created
  + resource "aws_iam_policy" "load_balancer_controller" {
      + arn              = (known after apply)
      + attachment_count = (known after apply)
      + description      = "Provides permissions for AWS Load Balancer Controller addon"
      + id               = (known after apply)
      + name             = (known after apply)
      + name_prefix      = "AmazonEKS_AWS_Load_Balancer_Controller-"
      + path             = "/"
      + policy           = jsonencode(
            {
              + Statement = [
                  + {
                      + Action    = "iam:CreateServiceLinkedRole"
                      + Condition = {
                          + StringEquals = {
                              + "iam:AWSServiceName" = "elasticloadbalancing.amazonaws.com"
                            }
                        }
                      + Effect    = "Allow"
                      + Resource  = "*"
                    },
                  + {
                      + Action   = [
                          + "elasticloadbalancing:DescribeTrustStores",
                          + "elasticloadbalancing:DescribeTargetHealth",
                          + "elasticloadbalancing:DescribeTargetGroups",
                          + "elasticloadbalancing:DescribeTargetGroupAttributes",
                          + "elasticloadbalancing:DescribeTags",
                          + "elasticloadbalancing:DescribeSSLPolicies",
                          + "elasticloadbalancing:DescribeRules",
                          + "elasticloadbalancing:DescribeLoadBalancers",
                          + "elasticloadbalancing:DescribeLoadBalancerAttributes",
                          + "elasticloadbalancing:DescribeListeners",
                          + "elasticloadbalancing:DescribeListenerCertificates",
                          + "elasticloadbalancing:DescribeListenerAttributes",
                          + "elasticloadbalancing:DescribeCapacityReservation",
                          + "ec2:GetSecurityGroupsForVpc",
                          + "ec2:GetCoipPoolUsage",
                          + "ec2:DescribeVpcs",
                          + "ec2:DescribeVpcPeeringConnections",
                          + "ec2:DescribeTags",
                          + "ec2:DescribeSubnets",
                          + "ec2:DescribeSecurityGroups",
                          + "ec2:DescribeRouteTables",
                          + "ec2:DescribeNetworkInterfaces",
                          + "ec2:DescribeIpamPools",
                          + "ec2:DescribeInternetGateways",
                          + "ec2:DescribeInstances",
                          + "ec2:DescribeCoipPools",
                          + "ec2:DescribeAvailabilityZones",
                          + "ec2:DescribeAddresses",
                          + "ec2:DescribeAccountAttributes",
                        ]
                      + Effect   = "Allow"
                      + Resource = "*"
                    },
                  + {
                      + Action   = [
                          + "wafv2:GetWebACLForResource",
                          + "wafv2:GetWebACL",
                          + "wafv2:DisassociateWebACL",
                          + "wafv2:AssociateWebACL",
                          + "waf-regional:GetWebACLForResource",
                          + "waf-regional:GetWebACL",
                          + "waf-regional:DisassociateWebACL",
                          + "waf-regional:AssociateWebACL",
                          + "shield:GetSubscriptionState",
                          + "shield:DescribeProtection",
                          + "shield:DeleteProtection",
                          + "shield:CreateProtection",
                          + "iam:ListServerCertificates",
                          + "iam:GetServerCertificate",
                          + "cognito-idp:DescribeUserPoolClient",
                          + "acm:ListCertificates",
                          + "acm:DescribeCertificate",
                        ]
                      + Effect   = "Allow"
                      + Resource = "*"
                    },
                  + {
                      + Action   = [
                          + "ec2:RevokeSecurityGroupIngress",
                          + "ec2:AuthorizeSecurityGroupIngress",
                        ]
                      + Effect   = "Allow"
                      + Resource = "*"
                    },
                  + {
                      + Action   = "ec2:CreateSecurityGroup"
                      + Effect   = "Allow"
                      + Resource = "*"
                    },
                  + {
                      + Action    = "ec2:CreateTags"
                      + Condition = {
                          + Null         = {
                              + "aws:RequestTag/elbv2.k8s.aws/cluster" = "false"
                            }
                          + StringEquals = {
                              + "ec2:CreateAction" = "CreateSecurityGroup"
                            }
                        }
                      + Effect    = "Allow"
                      + Resource  = "arn:aws:ec2:*:*:security-group/*"
                    },
                  + {
                      + Action    = [
                          + "ec2:DeleteTags",
                          + "ec2:CreateTags",
                        ]
                      + Condition = {
                          + Null = {
                              + "aws:RequestTag/elbv2.k8s.aws/cluster"  = "true"
                              + "aws:ResourceTag/elbv2.k8s.aws/cluster" = "false"
                            }
                        }
                      + Effect    = "Allow"
                      + Resource  = "arn:aws:ec2:*:*:security-group/*"
                    },
                  + {
                      + Action    = [
                          + "ec2:RevokeSecurityGroupIngress",
                          + "ec2:DeleteSecurityGroup",
                          + "ec2:AuthorizeSecurityGroupIngress",
                        ]
                      + Condition = {
                          + Null = {
                              + "aws:ResourceTag/elbv2.k8s.aws/cluster" = "false"
                            }
                        }
                      + Effect    = "Allow"
                      + Resource  = "*"
                    },
                  + {
                      + Action    = [
                          + "elasticloadbalancing:CreateTargetGroup",
                          + "elasticloadbalancing:CreateLoadBalancer",
                        ]
                      + Condition = {
                          + Null = {
                              + "aws:RequestTag/elbv2.k8s.aws/cluster" = "false"
                            }
                        }
                      + Effect    = "Allow"
                      + Resource  = "*"
                    },
                  + {
                      + Action   = [
                          + "elasticloadbalancing:DeleteRule",
                          + "elasticloadbalancing:DeleteListener",
                          + "elasticloadbalancing:CreateRule",
                          + "elasticloadbalancing:CreateListener",
                        ]
                      + Effect   = "Allow"
                      + Resource = "*"
                    },
                  + {
                      + Action    = [
                          + "elasticloadbalancing:RemoveTags",
                          + "elasticloadbalancing:AddTags",
                        ]
                      + Condition = {
                          + Null = {
                              + "aws:RequestTag/elbv2.k8s.aws/cluster"  = "true"
                              + "aws:ResourceTag/elbv2.k8s.aws/cluster" = "false"
                            }
                        }
                      + Effect    = "Allow"
                      + Resource  = [
                          + "arn:aws:elasticloadbalancing:*:*:targetgroup/*/*",
                          + "arn:aws:elasticloadbalancing:*:*:loadbalancer/net/*/*",
                          + "arn:aws:elasticloadbalancing:*:*:loadbalancer/app/*/*",
                        ]
                    },
                  + {
                      + Action   = [
                          + "elasticloadbalancing:RemoveTags",
                          + "elasticloadbalancing:AddTags",
                        ]
                      + Effect   = "Allow"
                      + Resource = [
                          + "arn:aws:elasticloadbalancing:*:*:listener/net/*/*/*",
                          + "arn:aws:elasticloadbalancing:*:*:listener/app/*/*/*",
                          + "arn:aws:elasticloadbalancing:*:*:listener-rule/net/*/*/*",
                          + "arn:aws:elasticloadbalancing:*:*:listener-rule/app/*/*/*",
                        ]
                    },
                  + {
                      + Action    = [
                          + "elasticloadbalancing:SetSubnets",
                          + "elasticloadbalancing:SetSecurityGroups",
                          + "elasticloadbalancing:SetIpAddressType",
                          + "elasticloadbalancing:ModifyTargetGroupAttributes",
                          + "elasticloadbalancing:ModifyTargetGroup",
                          + "elasticloadbalancing:ModifyLoadBalancerAttributes",
                          + "elasticloadbalancing:ModifyListenerAttributes",
                          + "elasticloadbalancing:ModifyIpPools",
                          + "elasticloadbalancing:ModifyCapacityReservation",
                          + "elasticloadbalancing:DeleteTargetGroup",
                          + "elasticloadbalancing:DeleteLoadBalancer",
                        ]
                      + Condition = {
                          + Null = {
                              + "aws:ResourceTag/elbv2.k8s.aws/cluster" = "false"
                            }
                        }
                      + Effect    = "Allow"
                      + Resource  = "*"
                    },
                  + {
                      + Action    = "elasticloadbalancing:AddTags"
                      + Condition = {
                          + Null         = {
                              + "aws:RequestTag/elbv2.k8s.aws/cluster" = "false"
                            }
                          + StringEquals = {
                              + "elasticloadbalancing:CreateAction" = [
                                  + "CreateTargetGroup",
                                  + "CreateLoadBalancer",
                                ]
                            }
                        }
                      + Effect    = "Allow"
                      + Resource  = [
                          + "arn:aws:elasticloadbalancing:*:*:targetgroup/*/*",
                          + "arn:aws:elasticloadbalancing:*:*:loadbalancer/net/*/*",
                          + "arn:aws:elasticloadbalancing:*:*:loadbalancer/app/*/*",
                        ]
                    },
                  + {
                      + Action   = [
                          + "elasticloadbalancing:RegisterTargets",
                          + "elasticloadbalancing:DeregisterTargets",
                        ]
                      + Effect   = "Allow"
                      + Resource = "arn:aws:elasticloadbalancing:*:*:targetgroup/*/*"
                    },
                  + {
                      + Action   = [
                          + "elasticloadbalancing:SetWebAcl",
                          + "elasticloadbalancing:SetRulePriorities",
                          + "elasticloadbalancing:RemoveListenerCertificates",
                          + "elasticloadbalancing:ModifyRule",
                          + "elasticloadbalancing:ModifyListener",
                          + "elasticloadbalancing:AddListenerCertificates",
                        ]
                      + Effect   = "Allow"
                      + Resource = "*"
                    },
                ]
              + Version   = "2012-10-17"
            }
        )
      + policy_id        = (known after apply)
      + tags_all         = {
          + "Environment" = "dev"
          + "ManagedBy"   = "terraform"
          + "Project"     = "mvn-hello-world"
        }
    }

  # module.lb_controller_irsa.aws_iam_role.this[0] will be created
  + resource "aws_iam_role" "this" {
      + arn                   = (known after apply)
      + assume_role_policy    = (known after apply)
      + create_date           = (known after apply)
      + force_detach_policies = true
      + id                    = (known after apply)
      + managed_policy_arns   = (known after apply)
      + max_session_duration  = 3600
      + name                  = "mvn-hello-world-dev-aws-load-balancer-controller"
      + name_prefix           = (known after apply)
      + path                  = "/"
      + tags_all              = {
          + "Environment" = "dev"
          + "ManagedBy"   = "terraform"
          + "Project"     = "mvn-hello-world"
        }
      + unique_id             = (known after apply)

      + inline_policy (known after apply)
    }

  # module.lb_controller_irsa.aws_iam_role_policy_attachment.load_balancer_controller[0] will be created
  + resource "aws_iam_role_policy_attachment" "load_balancer_controller" {
      + id         = (known after apply)
      + policy_arn = (known after apply)
      + role       = "mvn-hello-world-dev-aws-load-balancer-controller"
    }

  # module.vpc.aws_default_network_acl.this[0] will be created
  + resource "aws_default_network_acl" "this" {
      + arn                    = (known after apply)
      + default_network_acl_id = (known after apply)
      + id                     = (known after apply)
      + owner_id               = (known after apply)
      + tags                   = {
          + "Name" = "mvn-hello-world-dev-default"
        }
      + tags_all               = {
          + "Environment" = "dev"
          + "ManagedBy"   = "terraform"
          + "Name"        = "mvn-hello-world-dev-default"
          + "Project"     = "mvn-hello-world"
        }
      + vpc_id                 = (known after apply)

      + egress {
          + action          = "allow"
          + from_port       = 0
          + ipv6_cidr_block = "::/0"
          + protocol        = "-1"
          + rule_no         = 101
          + to_port         = 0
            # (1 unchanged attribute hidden)
        }
      + egress {
          + action          = "allow"
          + cidr_block      = "0.0.0.0/0"
          + from_port       = 0
          + protocol        = "-1"
          + rule_no         = 100
          + to_port         = 0
            # (1 unchanged attribute hidden)
        }

      + ingress {
          + action          = "allow"
          + from_port       = 0
          + ipv6_cidr_block = "::/0"
          + protocol        = "-1"
          + rule_no         = 101
          + to_port         = 0
            # (1 unchanged attribute hidden)
        }
      + ingress {
          + action          = "allow"
          + cidr_block      = "0.0.0.0/0"
          + from_port       = 0
          + protocol        = "-1"
          + rule_no         = 100
          + to_port         = 0
            # (1 unchanged attribute hidden)
        }
    }

  # module.vpc.aws_default_route_table.default[0] will be created
  + resource "aws_default_route_table" "default" {
      + arn                    = (known after apply)
      + default_route_table_id = (known after apply)
      + id                     = (known after apply)
      + owner_id               = (known after apply)
      + route                  = (known after apply)
      + tags                   = {
          + "Name" = "mvn-hello-world-dev-default"
        }
      + tags_all               = {
          + "Environment" = "dev"
          + "ManagedBy"   = "terraform"
          + "Name"        = "mvn-hello-world-dev-default"
          + "Project"     = "mvn-hello-world"
        }
      + vpc_id                 = (known after apply)

      + timeouts {
          + create = "5m"
          + update = "5m"
        }
    }

  # module.vpc.aws_default_security_group.this[0] will be created
  + resource "aws_default_security_group" "this" {
      + arn                    = (known after apply)
      + description            = (known after apply)
      + egress                 = (known after apply)
      + id                     = (known after apply)
      + ingress                = (known after apply)
      + name                   = (known after apply)
      + name_prefix            = (known after apply)
      + owner_id               = (known after apply)
      + revoke_rules_on_delete = false
      + tags                   = {
          + "Name" = "mvn-hello-world-dev-default"
        }
      + tags_all               = {
          + "Environment" = "dev"
          + "ManagedBy"   = "terraform"
          + "Name"        = "mvn-hello-world-dev-default"
          + "Project"     = "mvn-hello-world"
        }
      + vpc_id                 = (known after apply)
    }

  # module.vpc.aws_eip.nat[0] will be created
  + resource "aws_eip" "nat" {
      + allocation_id        = (known after apply)
      + arn                  = (known after apply)
      + association_id       = (known after apply)
      + carrier_ip           = (known after apply)
      + customer_owned_ip    = (known after apply)
      + domain               = "vpc"
      + id                   = (known after apply)
      + instance             = (known after apply)
      + ipam_pool_id         = (known after apply)
      + network_border_group = (known after apply)
      + network_interface    = (known after apply)
      + private_dns          = (known after apply)
      + private_ip           = (known after apply)
      + ptr_record           = (known after apply)
      + public_dns           = (known after apply)
      + public_ip            = (known after apply)
      + public_ipv4_pool     = (known after apply)
      + tags                 = {
          + "Name" = "mvn-hello-world-dev-us-east-1a"
        }
      + tags_all             = {
          + "Environment" = "dev"
          + "ManagedBy"   = "terraform"
          + "Name"        = "mvn-hello-world-dev-us-east-1a"
          + "Project"     = "mvn-hello-world"
        }
      + vpc                  = (known after apply)
    }

  # module.vpc.aws_internet_gateway.this[0] will be created
  + resource "aws_internet_gateway" "this" {
      + arn      = (known after apply)
      + id       = (known after apply)
      + owner_id = (known after apply)
      + tags     = {
          + "Name" = "mvn-hello-world-dev"
        }
      + tags_all = {
          + "Environment" = "dev"
          + "ManagedBy"   = "terraform"
          + "Name"        = "mvn-hello-world-dev"
          + "Project"     = "mvn-hello-world"
        }
      + vpc_id   = (known after apply)
    }

  # module.vpc.aws_nat_gateway.this[0] will be created
  + resource "aws_nat_gateway" "this" {
      + allocation_id                      = (known after apply)
      + association_id                     = (known after apply)
      + connectivity_type                  = "public"
      + id                                 = (known after apply)
      + network_interface_id               = (known after apply)
      + private_ip                         = (known after apply)
      + public_ip                          = (known after apply)
      + secondary_private_ip_address_count = (known after apply)
      + secondary_private_ip_addresses     = (known after apply)
      + subnet_id                          = (known after apply)
      + tags                               = {
          + "Name" = "mvn-hello-world-dev-us-east-1a"
        }
      + tags_all                           = {
          + "Environment" = "dev"
          + "ManagedBy"   = "terraform"
          + "Name"        = "mvn-hello-world-dev-us-east-1a"
          + "Project"     = "mvn-hello-world"
        }
    }

  # module.vpc.aws_route.private_nat_gateway[0] will be created
  + resource "aws_route" "private_nat_gateway" {
      + destination_cidr_block = "0.0.0.0/0"
      + id                     = (known after apply)
      + instance_id            = (known after apply)
      + instance_owner_id      = (known after apply)
      + nat_gateway_id         = (known after apply)
      + network_interface_id   = (known after apply)
      + origin                 = (known after apply)
      + route_table_id         = (known after apply)
      + state                  = (known after apply)

      + timeouts {
          + create = "5m"
        }
    }

  # module.vpc.aws_route.public_internet_gateway[0] will be created
  + resource "aws_route" "public_internet_gateway" {
      + destination_cidr_block = "0.0.0.0/0"
      + gateway_id             = (known after apply)
      + id                     = (known after apply)
      + instance_id            = (known after apply)
      + instance_owner_id      = (known after apply)
      + network_interface_id   = (known after apply)
      + origin                 = (known after apply)
      + route_table_id         = (known after apply)
      + state                  = (known after apply)

      + timeouts {
          + create = "5m"
        }
    }

  # module.vpc.aws_route_table.private[0] will be created
  + resource "aws_route_table" "private" {
      + arn              = (known after apply)
      + id               = (known after apply)
      + owner_id         = (known after apply)
      + propagating_vgws = (known after apply)
      + route            = (known after apply)
      + tags             = {
          + "Name" = "mvn-hello-world-dev-private"
        }
      + tags_all         = {
          + "Environment" = "dev"
          + "ManagedBy"   = "terraform"
          + "Name"        = "mvn-hello-world-dev-private"
          + "Project"     = "mvn-hello-world"
        }
      + vpc_id           = (known after apply)
    }

  # module.vpc.aws_route_table.public[0] will be created
  + resource "aws_route_table" "public" {
      + arn              = (known after apply)
      + id               = (known after apply)
      + owner_id         = (known after apply)
      + propagating_vgws = (known after apply)
      + route            = (known after apply)
      + tags             = {
          + "Name" = "mvn-hello-world-dev-public"
        }
      + tags_all         = {
          + "Environment" = "dev"
          + "ManagedBy"   = "terraform"
          + "Name"        = "mvn-hello-world-dev-public"
          + "Project"     = "mvn-hello-world"
        }
      + vpc_id           = (known after apply)
    }

  # module.vpc.aws_route_table_association.private[0] will be created
  + resource "aws_route_table_association" "private" {
      + id             = (known after apply)
      + route_table_id = (known after apply)
      + subnet_id      = (known after apply)
    }

  # module.vpc.aws_route_table_association.private[1] will be created
  + resource "aws_route_table_association" "private" {
      + id             = (known after apply)
      + route_table_id = (known after apply)
      + subnet_id      = (known after apply)
    }

  # module.vpc.aws_route_table_association.public[0] will be created
  + resource "aws_route_table_association" "public" {
      + id             = (known after apply)
      + route_table_id = (known after apply)
      + subnet_id      = (known after apply)
    }

  # module.vpc.aws_route_table_association.public[1] will be created
  + resource "aws_route_table_association" "public" {
      + id             = (known after apply)
      + route_table_id = (known after apply)
      + subnet_id      = (known after apply)
    }

  # module.vpc.aws_subnet.private[0] will be created
  + resource "aws_subnet" "private" {
      + arn                                            = (known after apply)
      + assign_ipv6_address_on_creation                = false
      + availability_zone                              = "us-east-1a"
      + availability_zone_id                           = (known after apply)
      + cidr_block                                     = "10.0.128.0/20"
      + enable_dns64                                   = false
      + enable_resource_name_dns_a_record_on_launch    = false
      + enable_resource_name_dns_aaaa_record_on_launch = false
      + id                                             = (known after apply)
      + ipv6_cidr_block_association_id                 = (known after apply)
      + ipv6_native                                    = false
      + map_public_ip_on_launch                        = false
      + owner_id                                       = (known after apply)
      + private_dns_hostname_type_on_launch            = (known after apply)
      + tags                                           = {
          + "Name"                            = "mvn-hello-world-dev-private-us-east-1a"
          + "kubernetes.io/role/internal-elb" = "1"
        }
      + tags_all                                       = {
          + "Environment"                     = "dev"
          + "ManagedBy"                       = "terraform"
          + "Name"                            = "mvn-hello-world-dev-private-us-east-1a"
          + "Project"                         = "mvn-hello-world"
          + "kubernetes.io/role/internal-elb" = "1"
        }
      + vpc_id                                         = (known after apply)
    }

  # module.vpc.aws_subnet.private[1] will be created
  + resource "aws_subnet" "private" {
      + arn                                            = (known after apply)
      + assign_ipv6_address_on_creation                = false
      + availability_zone                              = "us-east-1b"
      + availability_zone_id                           = (known after apply)
      + cidr_block                                     = "10.0.144.0/20"
      + enable_dns64                                   = false
      + enable_resource_name_dns_a_record_on_launch    = false
      + enable_resource_name_dns_aaaa_record_on_launch = false
      + id                                             = (known after apply)
      + ipv6_cidr_block_association_id                 = (known after apply)
      + ipv6_native                                    = false
      + map_public_ip_on_launch                        = false
      + owner_id                                       = (known after apply)
      + private_dns_hostname_type_on_launch            = (known after apply)
      + tags                                           = {
          + "Name"                            = "mvn-hello-world-dev-private-us-east-1b"
          + "kubernetes.io/role/internal-elb" = "1"
        }
      + tags_all                                       = {
          + "Environment"                     = "dev"
          + "ManagedBy"                       = "terraform"
          + "Name"                            = "mvn-hello-world-dev-private-us-east-1b"
          + "Project"                         = "mvn-hello-world"
          + "kubernetes.io/role/internal-elb" = "1"
        }
      + vpc_id                                         = (known after apply)
    }

  # module.vpc.aws_subnet.public[0] will be created
  + resource "aws_subnet" "public" {
      + arn                                            = (known after apply)
      + assign_ipv6_address_on_creation                = false
      + availability_zone                              = "us-east-1a"
      + availability_zone_id                           = (known after apply)
      + cidr_block                                     = "10.0.0.0/20"
      + enable_dns64                                   = false
      + enable_resource_name_dns_a_record_on_launch    = false
      + enable_resource_name_dns_aaaa_record_on_launch = false
      + id                                             = (known after apply)
      + ipv6_cidr_block_association_id                 = (known after apply)
      + ipv6_native                                    = false
      + map_public_ip_on_launch                        = false
      + owner_id                                       = (known after apply)
      + private_dns_hostname_type_on_launch            = (known after apply)
      + tags                                           = {
          + "Name"                   = "mvn-hello-world-dev-public-us-east-1a"
          + "kubernetes.io/role/elb" = "1"
        }
      + tags_all                                       = {
          + "Environment"            = "dev"
          + "ManagedBy"              = "terraform"
          + "Name"                   = "mvn-hello-world-dev-public-us-east-1a"
          + "Project"                = "mvn-hello-world"
          + "kubernetes.io/role/elb" = "1"
        }
      + vpc_id                                         = (known after apply)
    }

  # module.vpc.aws_subnet.public[1] will be created
  + resource "aws_subnet" "public" {
      + arn                                            = (known after apply)
      + assign_ipv6_address_on_creation                = false
      + availability_zone                              = "us-east-1b"
      + availability_zone_id                           = (known after apply)
      + cidr_block                                     = "10.0.16.0/20"
      + enable_dns64                                   = false
      + enable_resource_name_dns_a_record_on_launch    = false
      + enable_resource_name_dns_aaaa_record_on_launch = false
      + id                                             = (known after apply)
      + ipv6_cidr_block_association_id                 = (known after apply)
      + ipv6_native                                    = false
      + map_public_ip_on_launch                        = false
      + owner_id                                       = (known after apply)
      + private_dns_hostname_type_on_launch            = (known after apply)
      + tags                                           = {
          + "Name"                   = "mvn-hello-world-dev-public-us-east-1b"
          + "kubernetes.io/role/elb" = "1"
        }
      + tags_all                                       = {
          + "Environment"            = "dev"
          + "ManagedBy"              = "terraform"
          + "Name"                   = "mvn-hello-world-dev-public-us-east-1b"
          + "Project"                = "mvn-hello-world"
          + "kubernetes.io/role/elb" = "1"
        }
      + vpc_id                                         = (known after apply)
    }

  # module.vpc.aws_vpc.this[0] will be created
  + resource "aws_vpc" "this" {
      + arn                                  = (known after apply)
      + cidr_block                           = "10.0.0.0/16"
      + default_network_acl_id               = (known after apply)
      + default_route_table_id               = (known after apply)
      + default_security_group_id            = (known after apply)
      + dhcp_options_id                      = (known after apply)
      + enable_dns_hostnames                 = true
      + enable_dns_support                   = true
      + enable_network_address_usage_metrics = (known after apply)
      + id                                   = (known after apply)
      + instance_tenancy                     = "default"
      + ipv6_association_id                  = (known after apply)
      + ipv6_cidr_block                      = (known after apply)
      + ipv6_cidr_block_network_border_group = (known after apply)
      + main_route_table_id                  = (known after apply)
      + owner_id                             = (known after apply)
      + tags                                 = {
          + "Name" = "mvn-hello-world-dev"
        }
      + tags_all                             = {
          + "Environment" = "dev"
          + "ManagedBy"   = "terraform"
          + "Name"        = "mvn-hello-world-dev"
          + "Project"     = "mvn-hello-world"
        }
    }

  # module.eks.module.eks_managed_node_group["default"].aws_eks_node_group.this[0] will be created
  + resource "aws_eks_node_group" "this" {
      + ami_type               = "AL2_x86_64"
      + arn                    = (known after apply)
      + capacity_type          = "ON_DEMAND"
      + cluster_name           = (known after apply)
      + disk_size              = (known after apply)
      + id                     = (known after apply)
      + instance_types         = [
          + "t3.medium",
        ]
      + node_group_name        = (known after apply)
      + node_group_name_prefix = "default-"
      + node_role_arn          = (known after apply)
      + release_version        = (known after apply)
      + resources              = (known after apply)
      + status                 = (known after apply)
      + subnet_ids             = (known after apply)
      + tags                   = {
          + "Name" = "default"
        }
      + tags_all               = {
          + "Environment" = "dev"
          + "ManagedBy"   = "terraform"
          + "Name"        = "default"
          + "Project"     = "mvn-hello-world"
        }
      + version                = "1.29"

      + launch_template {
          + id      = (known after apply)
          + name    = (known after apply)
          + version = (known after apply)
        }

      + node_repair_config (known after apply)

      + scaling_config {
          + desired_size = 2
          + max_size     = 4
          + min_size     = 2
        }

      + timeouts {}

      + update_config {
          + max_unavailable_percentage = 33
        }
    }

  # module.eks.module.eks_managed_node_group["default"].aws_iam_role.this[0] will be created
  + resource "aws_iam_role" "this" {
      + arn                   = (known after apply)
      + assume_role_policy    = jsonencode(
            {
              + Statement = [
                  + {
                      + Action    = "sts:AssumeRole"
                      + Effect    = "Allow"
                      + Principal = {
                          + Service = "ec2.amazonaws.com"
                        }
                      + Sid       = "EKSNodeAssumeRole"
                    },
                ]
              + Version   = "2012-10-17"
            }
        )
      + create_date           = (known after apply)
      + description           = "EKS managed node group IAM role"
      + force_detach_policies = true
      + id                    = (known after apply)
      + managed_policy_arns   = (known after apply)
      + max_session_duration  = 3600
      + name                  = (known after apply)
      + name_prefix           = "default-eks-node-group-"
      + path                  = "/"
      + tags_all              = {
          + "Environment" = "dev"
          + "ManagedBy"   = "terraform"
          + "Project"     = "mvn-hello-world"
        }
      + unique_id             = (known after apply)

      + inline_policy (known after apply)
    }

  # module.eks.module.eks_managed_node_group["default"].aws_iam_role_policy_attachment.this["AmazonEC2ContainerRegistryReadOnly"] will be created
  + resource "aws_iam_role_policy_attachment" "this" {
      + id         = (known after apply)
      + policy_arn = "arn:aws:iam::aws:policy/AmazonEC2ContainerRegistryReadOnly"
      + role       = (known after apply)
    }

  # module.eks.module.eks_managed_node_group["default"].aws_iam_role_policy_attachment.this["AmazonEKSWorkerNodePolicy"] will be created
  + resource "aws_iam_role_policy_attachment" "this" {
      + id         = (known after apply)
      + policy_arn = "arn:aws:iam::aws:policy/AmazonEKSWorkerNodePolicy"
      + role       = (known after apply)
    }

  # module.eks.module.eks_managed_node_group["default"].aws_iam_role_policy_attachment.this["AmazonEKS_CNI_Policy"] will be created
  + resource "aws_iam_role_policy_attachment" "this" {
      + id         = (known after apply)
      + policy_arn = "arn:aws:iam::aws:policy/AmazonEKS_CNI_Policy"
      + role       = (known after apply)
    }

  # module.eks.module.eks_managed_node_group["default"].aws_launch_template.this[0] will be created
  + resource "aws_launch_template" "this" {
      + arn                    = (known after apply)
      + default_version        = (known after apply)
      + description            = "Custom launch template for default EKS managed node group"
      + id                     = (known after apply)
      + latest_version         = (known after apply)
      + name                   = (known after apply)
      + name_prefix            = "default-"
      + tags_all               = {
          + "Environment" = "dev"
          + "ManagedBy"   = "terraform"
          + "Project"     = "mvn-hello-world"
        }
      + update_default_version = true
      + vpc_security_group_ids = (known after apply)
        # (2 unchanged attributes hidden)

      + metadata_options {
          + http_endpoint               = "enabled"
          + http_protocol_ipv6          = (known after apply)
          + http_put_response_hop_limit = 2
          + http_tokens                 = "required"
          + instance_metadata_tags      = (known after apply)
        }

      + monitoring {
          + enabled = true
        }

      + tag_specifications {
          + resource_type = "instance"
          + tags          = {
              + "Name" = "default"
            }
        }
      + tag_specifications {
          + resource_type = "network-interface"
          + tags          = {
              + "Name" = "default"
            }
        }
      + tag_specifications {
          + resource_type = "volume"
          + tags          = {
              + "Name" = "default"
            }
        }
    }

  # module.eks.module.kms.data.aws_iam_policy_document.this[0] will be read during apply
  # (config refers to values not yet known)
 <= data "aws_iam_policy_document" "this" {
      + id                        = (known after apply)
      + json                      = (known after apply)
      + minified_json             = (known after apply)
      + override_policy_documents = []
      + source_policy_documents   = []

      + statement {
          + actions   = [
              + "kms:*",
            ]
          + resources = [
              + "*",
            ]
          + sid       = "Default"

          + principals {
              + identifiers = [
                  + "arn:aws:iam::000000000000:root",
                ]
              + type        = "AWS"
            }
        }
      + statement {
          + actions   = [
              + "kms:CancelKeyDeletion",
              + "kms:Create*",
              + "kms:Delete*",
              + "kms:Describe*",
              + "kms:Disable*",
              + "kms:Enable*",
              + "kms:Get*",
              + "kms:ImportKeyMaterial",
              + "kms:List*",
              + "kms:Put*",
              + "kms:ReplicateKey",
              + "kms:Revoke*",
              + "kms:ScheduleKeyDeletion",
              + "kms:TagResource",
              + "kms:UntagResource",
              + "kms:Update*",
            ]
          + resources = [
              + "*",
            ]
          + sid       = "KeyAdministration"

          + principals {
              + identifiers = [
                  + "arn:aws:iam::000000000000:root",
                ]
              + type        = "AWS"
            }
        }
      + statement {
          + actions   = [
              + "kms:Decrypt",
              + "kms:DescribeKey",
              + "kms:Encrypt",
              + "kms:GenerateDataKey*",
              + "kms:ReEncrypt*",
            ]
          + resources = [
              + "*",
            ]
          + sid       = "KeyUsage"

          + principals {
              + identifiers = [
                  + (known after apply),
                ]
              + type        = "AWS"
            }
        }
    }

  # module.eks.module.kms.aws_kms_alias.this["cluster"] will be created
  + resource "aws_kms_alias" "this" {
      + arn            = (known after apply)
      + id             = (known after apply)
      + name           = "alias/eks/mvn-hello-world-dev"
      + name_prefix    = (known after apply)
      + target_key_arn = (known after apply)
      + target_key_id  = (known after apply)
    }

  # module.eks.module.kms.aws_kms_key.this[0] will be created
  + resource "aws_kms_key" "this" {
      + arn                                = (known after apply)
      + bypass_policy_lockout_safety_check = false
      + customer_master_key_spec           = "SYMMETRIC_DEFAULT"
      + description                        = "mvn-hello-world-dev cluster encryption key"
      + enable_key_rotation                = true
      + id                                 = (known after apply)
      + is_enabled                         = true
      + key_id                             = (known after apply)
      + key_usage                          = "ENCRYPT_DECRYPT"
      + multi_region                       = false
      + policy                             = (known after apply)
      + rotation_period_in_days            = (known after apply)
      + tags                               = {
          + "terraform-aws-modules" = "eks"
        }
      + tags_all                           = {
          + "Environment"           = "dev"
          + "ManagedBy"             = "terraform"
          + "Project"               = "mvn-hello-world"
          + "terraform-aws-modules" = "eks"
        }
    }

  # module.eks.module.eks_managed_node_group["default"].module.user_data.null_resource.validate_cluster_service_cidr will be created
  + resource "null_resource" "validate_cluster_service_cidr" {
      + id = (known after apply)
    }

Plan: 70 to add, 0 to change, 0 to destroy.

Changes to Outputs:
  + app_ingress_hostname = (known after apply)
  + ecr_repository_url   = (known after apply)
  + eks_cluster_endpoint = (known after apply)
  + eks_cluster_name     = "mvn-hello-world-dev"
  + vpc_id               = (known after apply)
