module.ecs.module.cluster.data.aws_region.current[0]: Reading...
module.ecs.module.cluster.data.aws_partition.current[0]: Reading...
module.ecs.module.cluster.data.aws_caller_identity.current[0]: Reading...
data.aws_caller_identity.current: Reading...
data.aws_availability_zones.available: Reading...
module.alb.data.aws_partition.current[0]: Reading...
module.ecs.module.cluster.data.aws_region.current[0]: Read complete after 0s [id=us-east-1]
module.alb.data.aws_partition.current[0]: Read complete after 0s [id=aws]
module.ecs.module.cluster.data.aws_partition.current[0]: Read complete after 0s [id=aws]
module.ecs.module.cluster.data.aws_caller_identity.current[0]: Read complete after 0s [id=000000000000]
data.aws_availability_zones.available: Read complete after 0s [id=us-east-1]
data.aws_caller_identity.current: Read complete after 0s [id=000000000000]
module.ecs.module.service["app"].data.aws_partition.current[0]: Reading...
module.ecs.module.service["app"].data.aws_region.current[0]: Reading...
module.ecs.module.service["app"].data.aws_caller_identity.current[0]: Reading...
module.ecs.module.service["app"].data.aws_partition.current[0]: Read complete after 0s [id=aws]
module.ecs.module.service["app"].data.aws_region.current[0]: Read complete after 0s [id=us-east-1]
module.ecs.module.service["app"].data.aws_iam_policy_document.task_exec[0]: Reading...
module.ecs.module.service["app"].data.aws_iam_policy_document.tasks[0]: Reading...
module.ecs.module.service["app"].data.aws_iam_policy_document.task_exec_assume[0]: Reading...
module.ecs.module.service["app"].module.container_definition["app"].data.aws_region.current: Reading...
module.ecs.module.service["app"].data.aws_iam_policy_document.task_exec_assume[0]: Read complete after 0s [id=2291109037]
module.ecs.module.service["app"].data.aws_iam_policy_document.task_exec[0]: Read complete after 0s [id=1734719305]
module.ecs.module.service["app"].module.container_definition["app"].data.aws_region.current: Read complete after 0s [id=us-east-1]
module.ecs.module.service["app"].data.aws_iam_policy_document.tasks[0]: Read complete after 0s [id=757765849]
module.ecs.module.service["app"].data.aws_caller_identity.current[0]: Read complete after 0s [id=000000000000]
module.ecs.module.service["app"].data.aws_iam_policy_document.tasks_assume[0]: Reading...
module.ecs.module.service["app"].data.aws_iam_policy_document.tasks_assume[0]: Read complete after 0s [id=3436766638]

Terraform used the selected providers to generate the following execution
plan. Resource actions are indicated with the following symbols:
  + create
 <= read (data resources)

Terraform will perform the following actions:

  # aws_cloudwatch_log_group.ecs will be created
  + resource "aws_cloudwatch_log_group" "ecs" {
      + arn                         = (known after apply)
      + deletion_protection_enabled = (known after apply)
      + id                          = (known after apply)
      + log_group_class             = (known after apply)
      + name                        = "/ecs/hello-world"
      + name_prefix                 = (known after apply)
      + region                      = "us-east-1"
      + retention_in_days           = 14
      + skip_destroy                = false
      + tags_all                    = {
          + "Managed" = "terraform"
          + "Project" = "hello-world"
        }
    }

  # aws_ecr_lifecycle_policy.app will be created
  + resource "aws_ecr_lifecycle_policy" "app" {
      + id          = (known after apply)
      + policy      = jsonencode(
            {
              + rules = [
                  + {
                      + action       = {
                          + type = "expire"
                        }
                      + description  = "Expire untagged images older than 7 days"
                      + rulePriority = 1
                      + selection    = {
                          + countNumber = 7
                          + countType   = "sinceImagePushed"
                          + countUnit   = "days"
                          + tagStatus   = "untagged"
                        }
                    },
                  + {
                      + action       = {
                          + type = "expire"
                        }
                      + description  = "Keep last 30 images"
                      + rulePriority = 2
                      + selection    = {
                          + countNumber = 30
                          + countType   = "imageCountMoreThan"
                          + tagStatus   = "any"
                        }
                    },
                ]
            }
        )
      + region      = "us-east-1"
      + registry_id = (known after apply)
      + repository  = "ptapp2"
    }

  # aws_ecr_repository.app will be created
  + resource "aws_ecr_repository" "app" {
      + arn                  = (known after apply)
      + id                   = (known after apply)
      + image_tag_mutability = "MUTABLE"
      + name                 = "ptapp2"
      + region               = "us-east-1"
      + registry_id          = (known after apply)
      + repository_url       = (known after apply)
      + tags_all             = {
          + "Managed" = "terraform"
          + "Project" = "hello-world"
        }

      + image_scanning_configuration {
          + scan_on_push = true
        }
    }

  # aws_security_group.alb will be created
  + resource "aws_security_group" "alb" {
      + arn                    = (known after apply)
      + description            = "ALB security group"
      + egress                 = [
          + {
              + cidr_blocks      = [
                  + "0.0.0.0/0",
                ]
              + description      = "All egress"
              + from_port        = 0
              + ipv6_cidr_blocks = []
              + prefix_list_ids  = []
              + protocol         = "-1"
              + security_groups  = []
              + self             = false
              + to_port          = 0
            },
        ]
      + id                     = (known after apply)
      + ingress                = [
          + {
              + cidr_blocks      = [
                  + "0.0.0.0/0",
                ]
              + description      = "HTTP"
              + from_port        = 80
              + ipv6_cidr_blocks = []
              + prefix_list_ids  = []
              + protocol         = "tcp"
              + security_groups  = []
              + self             = false
              + to_port          = 80
            },
        ]
      + name                   = "hello-world-alb"
      + name_prefix            = (known after apply)
      + owner_id               = (known after apply)
      + region                 = "us-east-1"
      + revoke_rules_on_delete = false
      + tags_all               = {
          + "Managed" = "terraform"
          + "Project" = "hello-world"
        }
      + vpc_id                 = (known after apply)
    }

  # aws_security_group.ecs_tasks will be created
  + resource "aws_security_group" "ecs_tasks" {
      + arn                    = (known after apply)
      + description            = "ECS tasks security group"
      + egress                 = [
          + {
              + cidr_blocks      = [
                  + "0.0.0.0/0",
                ]
              + description      = "All egress"
              + from_port        = 0
              + ipv6_cidr_blocks = []
              + prefix_list_ids  = []
              + protocol         = "-1"
              + security_groups  = []
              + self             = false
              + to_port          = 0
            },
        ]
      + id                     = (known after apply)
      + ingress                = [
          + {
              + cidr_blocks      = []
              + description      = "App from ALB"
              + from_port        = 3000
              + ipv6_cidr_blocks = []
              + prefix_list_ids  = []
              + protocol         = "tcp"
              + security_groups  = (known after apply)
              + self             = false
              + to_port          = 3000
            },
        ]
      + name                   = "hello-world-ecs-tasks"
      + name_prefix            = (known after apply)
      + owner_id               = (known after apply)
      + region                 = "us-east-1"
      + revoke_rules_on_delete = false
      + tags_all               = {
          + "Managed" = "terraform"
          + "Project" = "hello-world"
        }
      + vpc_id                 = (known after apply)
    }

  # module.alb.aws_lb.this[0] will be created
  + resource "aws_lb" "this" {
      + arn                                                          = (known after apply)
      + arn_suffix                                                   = (known after apply)
      + client_keep_alive                                            = 3600
      + desync_mitigation_mode                                       = "defensive"
      + dns_name                                                     = (known after apply)
      + drop_invalid_header_fields                                   = true
      + enable_deletion_protection                                   = true
      + enable_http2                                                 = true
      + enable_tls_version_and_cipher_suite_headers                  = false
      + enable_waf_fail_open                                         = false
      + enable_xff_client_port                                       = false
      + enable_zonal_shift                                           = false
      + enforce_security_group_inbound_rules_on_private_link_traffic = (known after apply)
      + id                                                           = (known after apply)
      + idle_timeout                                                 = 60
      + internal                                                     = (known after apply)
      + ip_address_type                                              = (known after apply)
      + load_balancer_type                                           = "application"
      + name                                                         = "hello-world"
      + name_prefix                                                  = (known after apply)
      + preserve_host_header                                         = false
      + region                                                       = "us-east-1"
      + secondary_ips_auto_assigned_per_subnet                       = (known after apply)
      + security_groups                                              = (known after apply)
      + subnets                                                      = (known after apply)
      + tags_all                                                     = {
          + "Managed" = "terraform"
          + "Project" = "hello-world"
        }
      + vpc_id                                                       = (known after apply)
      + xff_header_processing_mode                                   = "append"
      + zone_id                                                      = (known after apply)

      + subnet_mapping (known after apply)
    }

  # module.alb.aws_lb_listener.this["http"] will be created
  + resource "aws_lb_listener" "this" {
      + arn                                                                   = (known after apply)
      + id                                                                    = (known after apply)
      + load_balancer_arn                                                     = (known after apply)
      + port                                                                  = 80
      + protocol                                                              = "HTTP"
      + region                                                                = "us-east-1"
      + routing_http_request_x_amzn_mtls_clientcert_header_name               = (known after apply)
      + routing_http_request_x_amzn_mtls_clientcert_issuer_header_name        = (known after apply)
      + routing_http_request_x_amzn_mtls_clientcert_leaf_header_name          = (known after apply)
      + routing_http_request_x_amzn_mtls_clientcert_serial_number_header_name = (known after apply)
      + routing_http_request_x_amzn_mtls_clientcert_subject_header_name       = (known after apply)
      + routing_http_request_x_amzn_mtls_clientcert_validity_header_name      = (known after apply)
      + routing_http_request_x_amzn_tls_cipher_suite_header_name              = (known after apply)
      + routing_http_request_x_amzn_tls_version_header_name                   = (known after apply)
      + routing_http_response_access_control_allow_credentials_header_value   = (known after apply)
      + routing_http_response_access_control_allow_headers_header_value       = (known after apply)
      + routing_http_response_access_control_allow_methods_header_value       = (known after apply)
      + routing_http_response_access_control_allow_origin_header_value        = (known after apply)
      + routing_http_response_access_control_expose_headers_header_value      = (known after apply)
      + routing_http_response_access_control_max_age_header_value             = (known after apply)
      + routing_http_response_content_security_policy_header_value            = (known after apply)
      + routing_http_response_server_enabled                                  = (known after apply)
      + routing_http_response_strict_transport_security_header_value          = (known after apply)
      + routing_http_response_x_content_type_options_header_value             = (known after apply)
      + routing_http_response_x_frame_options_header_value                    = (known after apply)
      + ssl_policy                                                            = (known after apply)
      + tags_all                                                              = {
          + "Managed" = "terraform"
          + "Project" = "hello-world"
        }
      + tcp_idle_timeout_seconds                                              = (known after apply)

      + default_action {
          + order            = (known after apply)
          + target_group_arn = (known after apply)
          + type             = "forward"
        }

      + mutual_authentication (known after apply)
    }

  # module.alb.aws_lb_target_group.this["app"] will be created
  + resource "aws_lb_target_group" "this" {
      + arn                                = (known after apply)
      + arn_suffix                         = (known after apply)
      + connection_termination             = (known after apply)
      + deregistration_delay               = "10"
      + id                                 = (known after apply)
      + ip_address_type                    = (known after apply)
      + lambda_multi_value_headers_enabled = false
      + load_balancer_arns                 = (known after apply)
      + load_balancing_algorithm_type      = (known after apply)
      + load_balancing_anomaly_mitigation  = (known after apply)
      + load_balancing_cross_zone_enabled  = (known after apply)
      + name                               = (known after apply)
      + name_prefix                        = "app-"
      + port                               = 3000
      + preserve_client_ip                 = (known after apply)
      + protocol                           = "HTTP"
      + protocol_version                   = (known after apply)
      + proxy_protocol_v2                  = false
      + region                             = "us-east-1"
      + slow_start                         = 0
      + tags_all                           = {
          + "Managed" = "terraform"
          + "Project" = "hello-world"
        }
      + target_type                        = "ip"
      + vpc_id                             = (known after apply)

      + health_check {
          + enabled             = true
          + healthy_threshold   = 2
          + interval            = 30
          + matcher             = "200-399"
          + path                = "/"
          + port                = "traffic-port"
          + protocol            = "HTTP"
          + timeout             = 5
          + unhealthy_threshold = 2
        }

      + stickiness (known after apply)

      + target_failover (known after apply)

      + target_group_health (known after apply)

      + target_health_state (known after apply)
    }

  # module.alb.aws_security_group.this[0] will be created
  + resource "aws_security_group" "this" {
      + arn                    = (known after apply)
      + description            = "Security group for hello-world application load balancer"
      + egress                 = (known after apply)
      + id                     = (known after apply)
      + ingress                = (known after apply)
      + name                   = (known after apply)
      + name_prefix            = "hello-world-"
      + owner_id               = (known after apply)
      + region                 = "us-east-1"
      + revoke_rules_on_delete = false
      + tags_all               = {
          + "Managed" = "terraform"
          + "Project" = "hello-world"
        }
      + vpc_id                 = (known after apply)
    }

  # module.vpc.aws_default_network_acl.this[0] will be created
  + resource "aws_default_network_acl" "this" {
      + arn                    = (known after apply)
      + default_network_acl_id = (known after apply)
      + id                     = (known after apply)
      + owner_id               = (known after apply)
      + region                 = "us-east-1"
      + tags                   = {
          + "Name" = "hello-world-default"
        }
      + tags_all               = {
          + "Managed" = "terraform"
          + "Name"    = "hello-world-default"
          + "Project" = "hello-world"
        }
      + vpc_id                 = (known after apply)

      + egress {
          + action          = "allow"
          + from_port       = 0
          + ipv6_cidr_block = "::/0"
          + protocol        = "-1"
          + rule_no         = 101
          + to_port         = 0
            # (1 unchanged attribute hidden)
        }
      + egress {
          + action          = "allow"
          + cidr_block      = "0.0.0.0/0"
          + from_port       = 0
          + protocol        = "-1"
          + rule_no         = 100
          + to_port         = 0
            # (1 unchanged attribute hidden)
        }

      + ingress {
          + action          = "allow"
          + from_port       = 0
          + ipv6_cidr_block = "::/0"
          + protocol        = "-1"
          + rule_no         = 101
          + to_port         = 0
            # (1 unchanged attribute hidden)
        }
      + ingress {
          + action          = "allow"
          + cidr_block      = "0.0.0.0/0"
          + from_port       = 0
          + protocol        = "-1"
          + rule_no         = 100
          + to_port         = 0
            # (1 unchanged attribute hidden)
        }
    }

  # module.vpc.aws_default_route_table.default[0] will be created
  + resource "aws_default_route_table" "default" {
      + arn                    = (known after apply)
      + default_route_table_id = (known after apply)
      + id                     = (known after apply)
      + owner_id               = (known after apply)
      + region                 = "us-east-1"
      + route                  = (known after apply)
      + tags                   = {
          + "Name" = "hello-world-default"
        }
      + tags_all               = {
          + "Managed" = "terraform"
          + "Name"    = "hello-world-default"
          + "Project" = "hello-world"
        }
      + vpc_id                 = (known after apply)

      + timeouts {
          + create = "5m"
          + update = "5m"
        }
    }

  # module.vpc.aws_default_security_group.this[0] will be created
  + resource "aws_default_security_group" "this" {
      + arn                    = (known after apply)
      + description            = (known after apply)
      + egress                 = (known after apply)
      + id                     = (known after apply)
      + ingress                = (known after apply)
      + name                   = (known after apply)
      + name_prefix            = (known after apply)
      + owner_id               = (known after apply)
      + region                 = "us-east-1"
      + revoke_rules_on_delete = false
      + tags                   = {
          + "Name" = "hello-world-default"
        }
      + tags_all               = {
          + "Managed" = "terraform"
          + "Name"    = "hello-world-default"
          + "Project" = "hello-world"
        }
      + vpc_id                 = (known after apply)
    }

  # module.vpc.aws_eip.nat[0] will be created
  + resource "aws_eip" "nat" {
      + allocation_id        = (known after apply)
      + arn                  = (known after apply)
      + association_id       = (known after apply)
      + carrier_ip           = (known after apply)
      + customer_owned_ip    = (known after apply)
      + domain               = "vpc"
      + id                   = (known after apply)
      + instance             = (known after apply)
      + ipam_pool_id         = (known after apply)
      + network_border_group = (known after apply)
      + network_interface    = (known after apply)
      + private_dns          = (known after apply)
      + private_ip           = (known after apply)
      + ptr_record           = (known after apply)
      + public_dns           = (known after apply)
      + public_ip            = (known after apply)
      + public_ipv4_pool     = (known after apply)
      + region               = "us-east-1"
      + tags                 = {
          + "Name" = "hello-world-us-east-1a"
        }
      + tags_all             = {
          + "Managed" = "terraform"
          + "Name"    = "hello-world-us-east-1a"
          + "Project" = "hello-world"
        }
    }

  # module.vpc.aws_eip.nat[1] will be created
  + resource "aws_eip" "nat" {
      + allocation_id        = (known after apply)
      + arn                  = (known after apply)
      + association_id       = (known after apply)
      + carrier_ip           = (known after apply)
      + customer_owned_ip    = (known after apply)
      + domain               = "vpc"
      + id                   = (known after apply)
      + instance             = (known after apply)
      + ipam_pool_id         = (known after apply)
      + network_border_group = (known after apply)
      + network_interface    = (known after apply)
      + private_dns          = (known after apply)
      + private_ip           = (known after apply)
      + ptr_record           = (known after apply)
      + public_dns           = (known after apply)
      + public_ip            = (known after apply)
      + public_ipv4_pool     = (known after apply)
      + region               = "us-east-1"
      + tags                 = {
          + "Name" = "hello-world-us-east-1b"
        }
      + tags_all             = {
          + "Managed" = "terraform"
          + "Name"    = "hello-world-us-east-1b"
          + "Project" = "hello-world"
        }
    }

  # module.vpc.aws_internet_gateway.this[0] will be created
  + resource "aws_internet_gateway" "this" {
      + arn      = (known after apply)
      + id       = (known after apply)
      + owner_id = (known after apply)
      + region   = "us-east-1"
      + tags     = {
          + "Name" = "hello-world"
        }
      + tags_all = {
          + "Managed" = "terraform"
          + "Name"    = "hello-world"
          + "Project" = "hello-world"
        }
      + vpc_id   = (known after apply)
    }

  # module.vpc.aws_nat_gateway.this[0] will be created
  + resource "aws_nat_gateway" "this" {
      + allocation_id                      = (known after apply)
      + association_id                     = (known after apply)
      + auto_provision_zones               = (known after apply)
      + auto_scaling_ips                   = (known after apply)
      + availability_mode                  = (known after apply)
      + connectivity_type                  = "public"
      + id                                 = (known after apply)
      + network_interface_id               = (known after apply)
      + private_ip                         = (known after apply)
      + public_ip                          = (known after apply)
      + region                             = "us-east-1"
      + regional_nat_gateway_address       = (known after apply)
      + regional_nat_gateway_auto_mode     = (known after apply)
      + route_table_id                     = (known after apply)
      + secondary_allocation_ids           = (known after apply)
      + secondary_private_ip_address_count = (known after apply)
      + secondary_private_ip_addresses     = (known after apply)
      + subnet_id                          = (known after apply)
      + tags                               = {
          + "Name" = "hello-world-us-east-1a"
        }
      + tags_all                           = {
          + "Managed" = "terraform"
          + "Name"    = "hello-world-us-east-1a"
          + "Project" = "hello-world"
        }
      + vpc_id                             = (known after apply)
    }

  # module.vpc.aws_nat_gateway.this[1] will be created
  + resource "aws_nat_gateway" "this" {
      + allocation_id                      = (known after apply)
      + association_id                     = (known after apply)
      + auto_provision_zones               = (known after apply)
      + auto_scaling_ips                   = (known after apply)
      + availability_mode                  = (known after apply)
      + connectivity_type                  = "public"
      + id                                 = (known after apply)
      + network_interface_id               = (known after apply)
      + private_ip                         = (known after apply)
      + public_ip                          = (known after apply)
      + region                             = "us-east-1"
      + regional_nat_gateway_address       = (known after apply)
      + regional_nat_gateway_auto_mode     = (known after apply)
      + route_table_id                     = (known after apply)
      + secondary_allocation_ids           = (known after apply)
      + secondary_private_ip_address_count = (known after apply)
      + secondary_private_ip_addresses     = (known after apply)
      + subnet_id                          = (known after apply)
      + tags                               = {
          + "Name" = "hello-world-us-east-1b"
        }
      + tags_all                           = {
          + "Managed" = "terraform"
          + "Name"    = "hello-world-us-east-1b"
          + "Project" = "hello-world"
        }
      + vpc_id                             = (known after apply)
    }

  # module.vpc.aws_route.private_nat_gateway[0] will be created
  + resource "aws_route" "private_nat_gateway" {
      + destination_cidr_block = "0.0.0.0/0"
      + id                     = (known after apply)
      + instance_id            = (known after apply)
      + instance_owner_id      = (known after apply)
      + nat_gateway_id         = (known after apply)
      + network_interface_id   = (known after apply)
      + origin                 = (known after apply)
      + region                 = "us-east-1"
      + route_table_id         = (known after apply)
      + state                  = (known after apply)

      + timeouts {
          + create = "5m"
        }
    }

  # module.vpc.aws_route.private_nat_gateway[1] will be created
  + resource "aws_route" "private_nat_gateway" {
      + destination_cidr_block = "0.0.0.0/0"
      + id                     = (known after apply)
      + instance_id            = (known after apply)
      + instance_owner_id      = (known after apply)
      + nat_gateway_id         = (known after apply)
      + network_interface_id   = (known after apply)
      + origin                 = (known after apply)
      + region                 = "us-east-1"
      + route_table_id         = (known after apply)
      + state                  = (known after apply)

      + timeouts {
          + create = "5m"
        }
    }

  # module.vpc.aws_route.public_internet_gateway[0] will be created
  + resource "aws_route" "public_internet_gateway" {
      + destination_cidr_block = "0.0.0.0/0"
      + gateway_id             = (known after apply)
      + id                     = (known after apply)
      + instance_id            = (known after apply)
      + instance_owner_id      = (known after apply)
      + network_interface_id   = (known after apply)
      + origin                 = (known after apply)
      + region                 = "us-east-1"
      + route_table_id         = (known after apply)
      + state                  = (known after apply)

      + timeouts {
          + create = "5m"
        }
    }

  # module.vpc.aws_route_table.private[0] will be created
  + resource "aws_route_table" "private" {
      + arn              = (known after apply)
      + id               = (known after apply)
      + owner_id         = (known after apply)
      + propagating_vgws = (known after apply)
      + region           = "us-east-1"
      + route            = (known after apply)
      + tags             = {
          + "Name" = "hello-world-private-us-east-1a"
        }
      + tags_all         = {
          + "Managed" = "terraform"
          + "Name"    = "hello-world-private-us-east-1a"
          + "Project" = "hello-world"
        }
      + vpc_id           = (known after apply)
    }

  # module.vpc.aws_route_table.private[1] will be created
  + resource "aws_route_table" "private" {
      + arn              = (known after apply)
      + id               = (known after apply)
      + owner_id         = (known after apply)
      + propagating_vgws = (known after apply)
      + region           = "us-east-1"
      + route            = (known after apply)
      + tags             = {
          + "Name" = "hello-world-private-us-east-1b"
        }
      + tags_all         = {
          + "Managed" = "terraform"
          + "Name"    = "hello-world-private-us-east-1b"
          + "Project" = "hello-world"
        }
      + vpc_id           = (known after apply)
    }

  # module.vpc.aws_route_table.public[0] will be created
  + resource "aws_route_table" "public" {
      + arn              = (known after apply)
      + id               = (known after apply)
      + owner_id         = (known after apply)
      + propagating_vgws = (known after apply)
      + region           = "us-east-1"
      + route            = (known after apply)
      + tags             = {
          + "Name" = "hello-world-public"
        }
      + tags_all         = {
          + "Managed" = "terraform"
          + "Name"    = "hello-world-public"
          + "Project" = "hello-world"
        }
      + vpc_id           = (known after apply)
    }

  # module.vpc.aws_route_table_association.private[0] will be created
  + resource "aws_route_table_association" "private" {
      + id             = (known after apply)
      + region         = "us-east-1"
      + route_table_id = (known after apply)
      + subnet_id      = (known after apply)
    }

  # module.vpc.aws_route_table_association.private[1] will be created
  + resource "aws_route_table_association" "private" {
      + id             = (known after apply)
      + region         = "us-east-1"
      + route_table_id = (known after apply)
      + subnet_id      = (known after apply)
    }

  # module.vpc.aws_route_table_association.public[0] will be created
  + resource "aws_route_table_association" "public" {
      + id             = (known after apply)
      + region         = "us-east-1"
      + route_table_id = (known after apply)
      + subnet_id      = (known after apply)
    }

  # module.vpc.aws_route_table_association.public[1] will be created
  + resource "aws_route_table_association" "public" {
      + id             = (known after apply)
      + region         = "us-east-1"
      + route_table_id = (known after apply)
      + subnet_id      = (known after apply)
    }

  # module.vpc.aws_subnet.private[0] will be created
  + resource "aws_subnet" "private" {
      + arn                                            = (known after apply)
      + assign_ipv6_address_on_creation                = false
      + availability_zone                              = "us-east-1a"
      + availability_zone_id                           = (known after apply)
      + cidr_block                                     = "10.0.10.0/24"
      + enable_dns64                                   = false
      + enable_resource_name_dns_a_record_on_launch    = false
      + enable_resource_name_dns_aaaa_record_on_launch = false
      + id                                             = (known after apply)
      + ipv6_cidr_block_association_id                 = (known after apply)
      + ipv6_native                                    = false
      + map_public_ip_on_launch                        = false
      + owner_id                                       = (known after apply)
      + private_dns_hostname_type_on_launch            = (known after apply)
      + region                                         = "us-east-1"
      + tags                                           = {
          + "Name" = "hello-world-private-us-east-1a"
        }
      + tags_all                                       = {
          + "Managed" = "terraform"
          + "Name"    = "hello-world-private-us-east-1a"
          + "Project" = "hello-world"
        }
      + vpc_id                                         = (known after apply)
    }

  # module.vpc.aws_subnet.private[1] will be created
  + resource "aws_subnet" "private" {
      + arn                                            = (known after apply)
      + assign_ipv6_address_on_creation                = false
      + availability_zone                              = "us-east-1b"
      + availability_zone_id                           = (known after apply)
      + cidr_block                                     = "10.0.11.0/24"
      + enable_dns64                                   = false
      + enable_resource_name_dns_a_record_on_launch    = false
      + enable_resource_name_dns_aaaa_record_on_launch = false
      + id                                             = (known after apply)
      + ipv6_cidr_block_association_id                 = (known after apply)
      + ipv6_native                                    = false
      + map_public_ip_on_launch                        = false
      + owner_id                                       = (known after apply)
      + private_dns_hostname_type_on_launch            = (known after apply)
      + region                                         = "us-east-1"
      + tags                                           = {
          + "Name" = "hello-world-private-us-east-1b"
        }
      + tags_all                                       = {
          + "Managed" = "terraform"
          + "Name"    = "hello-world-private-us-east-1b"
          + "Project" = "hello-world"
        }
      + vpc_id                                         = (known after apply)
    }

  # module.vpc.aws_subnet.public[0] will be created
  + resource "aws_subnet" "public" {
      + arn                                            = (known after apply)
      + assign_ipv6_address_on_creation                = false
      + availability_zone                              = "us-east-1a"
      + availability_zone_id                           = (known after apply)
      + cidr_block                                     = "10.0.0.0/24"
      + enable_dns64                                   = false
      + enable_resource_name_dns_a_record_on_launch    = false
      + enable_resource_name_dns_aaaa_record_on_launch = false
      + id                                             = (known after apply)
      + ipv6_cidr_block_association_id                 = (known after apply)
      + ipv6_native                                    = false
      + map_public_ip_on_launch                        = false
      + owner_id                                       = (known after apply)
      + private_dns_hostname_type_on_launch            = (known after apply)
      + region                                         = "us-east-1"
      + tags                                           = {
          + "Name" = "hello-world-public-us-east-1a"
        }
      + tags_all                                       = {
          + "Managed" = "terraform"
          + "Name"    = "hello-world-public-us-east-1a"
          + "Project" = "hello-world"
        }
      + vpc_id                                         = (known after apply)
    }

  # module.vpc.aws_subnet.public[1] will be created
  + resource "aws_subnet" "public" {
      + arn                                            = (known after apply)
      + assign_ipv6_address_on_creation                = false
      + availability_zone                              = "us-east-1b"
      + availability_zone_id                           = (known after apply)
      + cidr_block                                     = "10.0.1.0/24"
      + enable_dns64                                   = false
      + enable_resource_name_dns_a_record_on_launch    = false
      + enable_resource_name_dns_aaaa_record_on_launch = false
      + id                                             = (known after apply)
      + ipv6_cidr_block_association_id                 = (known after apply)
      + ipv6_native                                    = false
      + map_public_ip_on_launch                        = false
      + owner_id                                       = (known after apply)
      + private_dns_hostname_type_on_launch            = (known after apply)
      + region                                         = "us-east-1"
      + tags                                           = {
          + "Name" = "hello-world-public-us-east-1b"
        }
      + tags_all                                       = {
          + "Managed" = "terraform"
          + "Name"    = "hello-world-public-us-east-1b"
          + "Project" = "hello-world"
        }
      + vpc_id                                         = (known after apply)
    }

  # module.vpc.aws_vpc.this[0] will be created
  + resource "aws_vpc" "this" {
      + arn                                  = (known after apply)
      + cidr_block                           = "10.0.0.0/16"
      + default_network_acl_id               = (known after apply)
      + default_route_table_id               = (known after apply)
      + default_security_group_id            = (known after apply)
      + dhcp_options_id                      = (known after apply)
      + enable_dns_hostnames                 = true
      + enable_dns_support                   = true
      + enable_network_address_usage_metrics = (known after apply)
      + id                                   = (known after apply)
      + instance_tenancy                     = "default"
      + ipv6_association_id                  = (known after apply)
      + ipv6_cidr_block                      = (known after apply)
      + ipv6_cidr_block_network_border_group = (known after apply)
      + main_route_table_id                  = (known after apply)
      + owner_id                             = (known after apply)
      + region                               = "us-east-1"
      + tags                                 = {
          + "Name" = "hello-world"
        }
      + tags_all                             = {
          + "Managed" = "terraform"
          + "Name"    = "hello-world"
          + "Project" = "hello-world"
        }
    }

  # module.ecs.module.cluster.aws_cloudwatch_log_group.this[0] will be created
  + resource "aws_cloudwatch_log_group" "this" {
      + arn                         = (known after apply)
      + deletion_protection_enabled = (known after apply)
      + id                          = (known after apply)
      + log_group_class             = (known after apply)
      + name                        = "/aws/ecs/hello-world"
      + name_prefix                 = (known after apply)
      + region                      = "us-east-1"
      + retention_in_days           = 90
      + skip_destroy                = false
      + tags                        = {
          + "Name" = "/aws/ecs/hello-world"
        }
      + tags_all                    = {
          + "Managed" = "terraform"
          + "Name"    = "/aws/ecs/hello-world"
          + "Project" = "hello-world"
        }
    }

  # module.ecs.module.cluster.aws_ecs_cluster.this[0] will be created
  + resource "aws_ecs_cluster" "this" {
      + arn      = (known after apply)
      + id       = (known after apply)
      + name     = "hello-world"
      + region   = "us-east-1"
      + tags_all = {
          + "Managed" = "terraform"
          + "Project" = "hello-world"
        }

      + configuration {
          + execute_command_configuration {
              + logging = "OVERRIDE"

              + log_configuration {
                  + cloud_watch_log_group_name = "/aws/ecs/hello-world"
                }
            }
        }

      + setting {
          + name  = "containerInsights"
          + value = "enabled"
        }
    }

  # module.ecs.module.cluster.aws_ecs_cluster_capacity_providers.this[0] will be created
  + resource "aws_ecs_cluster_capacity_providers" "this" {
      + cluster_name = "hello-world"
      + id           = (known after apply)
      + region       = "us-east-1"

      + default_capacity_provider_strategy {
          + base              = 1
          + capacity_provider = "FARGATE"
          + weight            = 1
        }
    }

  # module.ecs.module.cluster.time_sleep.this[0] will be created
  + resource "time_sleep" "this" {
      + create_duration = "20s"
      + id              = (known after apply)
      + triggers        = {
          + "capacity_provider_names" = null
          + "capacity_providers"      = null
        }
    }

  # module.ecs.module.service["app"].data.aws_subnet.this[0] will be read during apply
  # (config refers to values not yet known)
 <= data "aws_subnet" "this" {
      + arn                                            = (known after apply)
      + assign_ipv6_address_on_creation                = (known after apply)
      + availability_zone                              = (known after apply)
      + availability_zone_id                           = (known after apply)
      + available_ip_address_count                     = (known after apply)
      + cidr_block                                     = (known after apply)
      + customer_owned_ipv4_pool                       = (known after apply)
      + default_for_az                                 = (known after apply)
      + enable_dns64                                   = (known after apply)
      + enable_lni_at_device_index                     = (known after apply)
      + enable_resource_name_dns_a_record_on_launch    = (known after apply)
      + enable_resource_name_dns_aaaa_record_on_launch = (known after apply)
      + id                                             = (known after apply)
      + ipv6_cidr_block                                = (known after apply)
      + ipv6_cidr_block_association_id                 = (known after apply)
      + ipv6_native                                    = (known after apply)
      + map_customer_owned_ip_on_launch                = (known after apply)
      + map_public_ip_on_launch                        = (known after apply)
      + outpost_arn                                    = (known after apply)
      + owner_id                                       = (known after apply)
      + private_dns_hostname_type_on_launch            = (known after apply)
      + region                                         = (known after apply)
      + state                                          = (known after apply)
      + tags                                           = (known after apply)
      + vpc_id                                         = (known after apply)
    }

  # module.ecs.module.service["app"].aws_appautoscaling_policy.this["cpu"] will be created
  + resource "aws_appautoscaling_policy" "this" {
      + alarm_arns         = (known after apply)
      + arn                = (known after apply)
      + id                 = (known after apply)
      + name               = "cpu"
      + policy_type        = "TargetTrackingScaling"
      + region             = "us-east-1"
      + resource_id        = (known after apply)
      + scalable_dimension = "ecs:service:DesiredCount"
      + service_namespace  = "ecs"

      + target_tracking_scaling_policy_configuration {
          + disable_scale_in   = false
          + scale_in_cooldown  = 300
          + scale_out_cooldown = 60
          + target_value       = 75

          + predefined_metric_specification {
              + predefined_metric_type = "ECSServiceAverageCPUUtilization"
            }
        }
    }

  # module.ecs.module.service["app"].aws_appautoscaling_policy.this["memory"] will be created
  + resource "aws_appautoscaling_policy" "this" {
      + alarm_arns         = (known after apply)
      + arn                = (known after apply)
      + id                 = (known after apply)
      + name               = "memory"
      + policy_type        = "TargetTrackingScaling"
      + region             = "us-east-1"
      + resource_id        = (known after apply)
      + scalable_dimension = "ecs:service:DesiredCount"
      + service_namespace  = "ecs"

      + target_tracking_scaling_policy_configuration {
          + disable_scale_in   = false
          + scale_in_cooldown  = 300
          + scale_out_cooldown = 60
          + target_value       = 75

          + predefined_metric_specification {
              + predefined_metric_type = "ECSServiceAverageMemoryUtilization"
            }
        }
    }

  # module.ecs.module.service["app"].aws_appautoscaling_target.this[0] will be created
  + resource "aws_appautoscaling_target" "this" {
      + arn                = (known after apply)
      + id                 = (known after apply)
      + max_capacity       = 10
      + min_capacity       = 1
      + region             = "us-east-1"
      + resource_id        = (known after apply)
      + role_arn           = (known after apply)
      + scalable_dimension = "ecs:service:DesiredCount"
      + service_namespace  = "ecs"
      + tags_all           = {
          + "Managed" = "terraform"
          + "Project" = "hello-world"
        }

      + suspended_state (known after apply)
    }

  # module.ecs.module.service["app"].aws_ecs_service.this[0] will be created
  + resource "aws_ecs_service" "this" {
      + arn                                = (known after apply)
      + availability_zone_rebalancing      = (known after apply)
      + cluster                            = (known after apply)
      + deployment_maximum_percent         = 200
      + deployment_minimum_healthy_percent = 66
      + desired_count                      = 2
      + enable_ecs_managed_tags            = true
      + enable_execute_command             = true
      + force_new_deployment               = true
      + iam_role                           = (known after apply)
      + id                                 = (known after apply)
      + launch_type                        = "FARGATE"
      + name                               = "app"
      + platform_version                   = (known after apply)
      + region                             = "us-east-1"
      + scheduling_strategy                = "REPLICA"
      + tags_all                           = {
          + "Managed" = "terraform"
          + "Project" = "hello-world"
        }
      + task_definition                    = (known after apply)
      + triggers                           = (known after apply)
      + wait_for_steady_state              = false

      + deployment_configuration (known after apply)

      + load_balancer {
          + container_name   = "app"
          + container_port   = 3000
          + target_group_arn = (known after apply)
            # (1 unchanged attribute hidden)
        }

      + network_configuration {
          + assign_public_ip = false
          + security_groups  = (known after apply)
          + subnets          = (known after apply)
        }
    }

  # module.ecs.module.service["app"].aws_ecs_task_definition.this[0] will be created
  + resource "aws_ecs_task_definition" "this" {
      + arn                      = (known after apply)
      + arn_without_revision     = (known after apply)
      + container_definitions    = jsonencode(
            [
              + {
                  + essential              = true
                  + image                  = "000000000000.dkr.ecr.us-east-1.amazonaws.com/ptapp2:latest"
                  + interactive            = false
                  + linuxParameters        = {
                      + initProcessEnabled = true
                    }
                  + logConfiguration       = {
                      + logDriver = "awslogs"
                      + options   = {
                          + awslogs-group         = "/aws/ecs/app/app"
                          + awslogs-region        = "us-east-1"
                          + awslogs-stream-prefix = "ecs"
                        }
                    }
                  + mountPoints            = []
                  + name                   = "app"
                  + portMappings           = []
                  + privileged             = false
                  + pseudoTerminal         = false
                  + readonlyRootFilesystem = true
                  + restartPolicy          = {
                      + enabled = true
                    }
                  + startTimeout           = 30
                  + stopTimeout            = 120
                  + versionConsistency     = "disabled"
                },
            ]
        )
      + cpu                      = "256"
      + enable_fault_injection   = (known after apply)
      + execution_role_arn       = (known after apply)
      + family                   = "app"
      + id                       = (known after apply)
      + memory                   = "512"
      + network_mode             = "awsvpc"
      + region                   = "us-east-1"
      + requires_compatibilities = [
          + "FARGATE",
        ]
      + revision                 = (known after apply)
      + skip_destroy             = false
      + tags_all                 = {
          + "Managed" = "terraform"
          + "Project" = "hello-world"
        }
      + task_role_arn            = (known after apply)
      + track_latest             = true

      + runtime_platform {
          + cpu_architecture        = "X86_64"
          + operating_system_family = "LINUX"
        }
    }

  # module.ecs.module.service["app"].aws_iam_policy.task_exec[0] will be created
  + resource "aws_iam_policy" "task_exec" {
      + arn              = (known after apply)
      + attachment_count = (known after apply)
      + description      = "Task execution role IAM policy"
      + id               = (known after apply)
      + name             = (known after apply)
      + name_prefix      = "app-task-exec-"
      + path             = "/"
      + policy           = jsonencode(
            {
              + Statement = [
                  + {
                      + Action   = [
                          + "logs:PutLogEvents",
                          + "logs:CreateLogStream",
                        ]
                      + Effect   = "Allow"
                      + Resource = "*"
                      + Sid      = "Logs"
                    },
                  + {
                      + Action   = [
                          + "ecr:GetDownloadUrlForLayer",
                          + "ecr:GetAuthorizationToken",
                          + "ecr:BatchGetImage",
                          + "ecr:BatchCheckLayerAvailability",
                        ]
                      + Effect   = "Allow"
                      + Resource = "*"
                      + Sid      = "ECR"
                    },
                ]
              + Version   = "2012-10-17"
            }
        )
      + policy_id        = (known after apply)
      + tags_all         = {
          + "Managed" = "terraform"
          + "Project" = "hello-world"
        }
    }

  # module.ecs.module.service["app"].aws_iam_policy.tasks[0] will be created
  + resource "aws_iam_policy" "tasks" {
      + arn              = (known after apply)
      + attachment_count = (known after apply)
      + description      = "Task role IAM policy"
      + id               = (known after apply)
      + name             = (known after apply)
      + name_prefix      = "app-tasks-"
      + path             = "/"
      + policy           = jsonencode(
            {
              + Statement = [
                  + {
                      + Action   = [
                          + "ssmmessages:OpenDataChannel",
                          + "ssmmessages:OpenControlChannel",
                          + "ssmmessages:CreateDataChannel",
                          + "ssmmessages:CreateControlChannel",
                        ]
                      + Effect   = "Allow"
                      + Resource = "*"
                      + Sid      = "ECSExec"
                    },
                ]
              + Version   = "2012-10-17"
            }
        )
      + policy_id        = (known after apply)
      + tags_all         = {
          + "Managed" = "terraform"
          + "Project" = "hello-world"
        }
    }

  # module.ecs.module.service["app"].aws_iam_role.task_exec[0] will be created
  + resource "aws_iam_role" "task_exec" {
      + arn                   = (known after apply)
      + assume_role_policy    = jsonencode(
            {
              + Statement = [
                  + {
                      + Action    = "sts:AssumeRole"
                      + Effect    = "Allow"
                      + Principal = {
                          + Service = "ecs-tasks.amazonaws.com"
                        }
                      + Sid       = "ECSTaskExecutionAssumeRole"
                    },
                ]
              + Version   = "2012-10-17"
            }
        )
      + create_date           = (known after apply)
      + description           = "Task execution role for app-task-exec"
      + force_detach_policies = true
      + id                    = (known after apply)
      + managed_policy_arns   = (known after apply)
      + max_session_duration  = 3600
      + name                  = (known after apply)
      + name_prefix           = "app-task-exec-"
      + path                  = "/"
      + tags_all              = {
          + "Managed" = "terraform"
          + "Project" = "hello-world"
        }
      + unique_id             = (known after apply)

      + inline_policy (known after apply)
    }

  # module.ecs.module.service["app"].aws_iam_role.tasks[0] will be created
  + resource "aws_iam_role" "tasks" {
      + arn                   = (known after apply)
      + assume_role_policy    = jsonencode(
            {
              + Statement = [
                  + {
                      + Action    = "sts:AssumeRole"
                      + Condition = {
                          + ArnLike      = {
                              + "aws:SourceArn" = "arn:aws:ecs:us-east-1:000000000000:*"
                            }
                          + StringEquals = {
                              + "aws:SourceAccount" = "000000000000"
                            }
                        }
                      + Effect    = "Allow"
                      + Principal = {
                          + Service = "ecs-tasks.amazonaws.com"
                        }
                      + Sid       = "ECSTasksAssumeRole"
                    },
                ]
              + Version   = "2012-10-17"
            }
        )
      + create_date           = (known after apply)
      + description           = "IAM role for ECS tasks in Service app"
      + force_detach_policies = true
      + id                    = (known after apply)
      + managed_policy_arns   = (known after apply)
      + max_session_duration  = 3600
      + name                  = (known after apply)
      + name_prefix           = "app-tasks-"
      + path                  = "/"
      + tags_all              = {
          + "Managed" = "terraform"
          + "Project" = "hello-world"
        }
      + unique_id             = (known after apply)

      + inline_policy (known after apply)
    }

  # module.ecs.module.service["app"].aws_iam_role_policy_attachment.task_exec[0] will be created
  + resource "aws_iam_role_policy_attachment" "task_exec" {
      + id         = (known after apply)
      + policy_arn = (known after apply)
      + role       = (known after apply)
    }

  # module.ecs.module.service["app"].aws_iam_role_policy_attachment.tasks_internal[0] will be created
  + resource "aws_iam_role_policy_attachment" "tasks_internal" {
      + id         = (known after apply)
      + policy_arn = (known after apply)
      + role       = (known after apply)
    }

  # module.ecs.module.service["app"].aws_security_group.this[0] will be created
  + resource "aws_security_group" "this" {
      + arn                    = (known after apply)
      + description            = "Security group for ECS Service app"
      + egress                 = (known after apply)
      + id                     = (known after apply)
      + ingress                = (known after apply)
      + name                   = (known after apply)
      + name_prefix            = "app-service-"
      + owner_id               = (known after apply)
      + region                 = "us-east-1"
      + revoke_rules_on_delete = false
      + tags                   = {
          + "Name" = "app-service"
        }
      + tags_all               = {
          + "Managed" = "terraform"
          + "Name"    = "app-service"
          + "Project" = "hello-world"
        }
      + vpc_id                 = (known after apply)
    }

  # module.ecs.module.service["app"].module.container_definition["app"].aws_cloudwatch_log_group.this[0] will be created
  + resource "aws_cloudwatch_log_group" "this" {
      + arn                         = (known after apply)
      + deletion_protection_enabled = (known after apply)
      + id                          = (known after apply)
      + log_group_class             = (known after apply)
      + name                        = "/aws/ecs/app/app"
      + name_prefix                 = (known after apply)
      + region                      = "us-east-1"
      + retention_in_days           = 14
      + skip_destroy                = false
      + tags_all                    = {
          + "Managed" = "terraform"
          + "Project" = "hello-world"
        }
    }

Plan: 49 to add, 0 to change, 0 to destroy.

Changes to Outputs:
  + alb_dns_name       = (known after apply)
  + ecr_repository_url = (known after apply)
  + ecs_cluster_name   = "hello-world"
  + ecs_service_name   = "app"
module.ecs.module.cluster.aws_cloudwatch_log_group.this[0]: Creating...
aws_ecr_repository.app: Creating...
aws_cloudwatch_log_group.ecs: Creating...
module.vpc.aws_vpc.this[0]: Creating...
aws_cloudwatch_log_group.ecs: Creation complete after 0s [id=/ecs/hello-world]
module.ecs.module.cluster.aws_cloudwatch_log_group.this[0]: Creation complete after 0s [id=/aws/ecs/hello-world]
module.ecs.module.cluster.aws_ecs_cluster.this[0]: Creating...
aws_ecr_repository.app: Creation complete after 2s [id=ptapp2]
aws_ecr_lifecycle_policy.app: Creating...
aws_ecr_lifecycle_policy.app: Creation complete after 0s [id=ptapp2]
module.vpc.aws_vpc.this[0]: Still creating... [00m10s elapsed]
module.vpc.aws_vpc.this[0]: Creation complete after 10s [id=vpc-da70a22d4d8e50ba1]
module.vpc.aws_internet_gateway.this[0]: Creating...
module.vpc.aws_route_table.private[0]: Creating...
module.vpc.aws_default_security_group.this[0]: Creating...
module.vpc.aws_route_table.private[1]: Creating...
module.vpc.aws_route_table.public[0]: Creating...
module.vpc.aws_default_route_table.default[0]: Creating...
module.vpc.aws_subnet.public[0]: Creating...
aws_security_group.alb: Creating...
module.vpc.aws_default_network_acl.this[0]: Creating...
module.vpc.aws_default_route_table.default[0]: Creation complete after 0s [id=rtb-891d91eb23e893af1]
module.vpc.aws_internet_gateway.this[0]: Creation complete after 0s [id=igw-e7956e57528938f77]
module.vpc.aws_subnet.public[1]: Creating...
module.vpc.aws_subnet.public[0]: Creation complete after 0s [id=subnet-fcb4e6b02b5c9ed33]
module.alb.aws_security_group.this[0]: Creating...
module.vpc.aws_subnet.private[1]: Creating...
module.vpc.aws_subnet.public[1]: Creation complete after 0s [id=subnet-567d9140aed4dfe53]
module.vpc.aws_default_security_group.this[0]: Creation complete after 0s [id=sg-88d7a76d34eb6b8d9]
module.vpc.aws_subnet.private[1]: Creation complete after 0s [id=subnet-2092679c076e2faab]
module.vpc.aws_default_network_acl.this[0]: Creation complete after 0s [id=acl-8a8fbc0f24e9925b6]
module.vpc.aws_subnet.private[0]: Creating...
module.alb.aws_lb_target_group.this["app"]: Creating...
module.vpc.aws_eip.nat[1]: Creating...
module.vpc.aws_eip.nat[0]: Creating...
module.ecs.module.cluster.aws_ecs_cluster.this[0]: Still creating... [00m10s elapsed]
module.vpc.aws_route_table.private[0]: Creation complete after 0s [id=rtb-0c04e1ffe5c733dd8]
module.vpc.aws_subnet.private[0]: Creation complete after 0s [id=subnet-cf3f9e3636229a890]
module.vpc.aws_route_table.public[0]: Creation complete after 0s [id=rtb-0ac8c26f4dc718469]
module.vpc.aws_route_table.private[1]: Creation complete after 0s [id=rtb-c072c522d14c1a74f]
module.vpc.aws_eip.nat[1]: Creation complete after 0s [id=eipalloc-9b783491ba8115e4f]
module.vpc.aws_eip.nat[0]: Creation complete after 0s [id=eipalloc-5fc32566fc7a3f957]
module.vpc.aws_route_table_association.public[0]: Creating...
module.vpc.aws_route_table_association.public[1]: Creating...
module.vpc.aws_route_table_association.private[1]: Creating...
module.vpc.aws_route_table_association.private[0]: Creating...
module.vpc.aws_route.public_internet_gateway[0]: Creating...
module.vpc.aws_nat_gateway.this[1]: Creating...
module.vpc.aws_route_table_association.private[0]: Creation complete after 1s [id=rtbassoc-1084172f83f599e3e]
module.vpc.aws_route_table_association.public[1]: Creation complete after 1s [id=rtbassoc-0c475844d44194666]
module.vpc.aws_route_table_association.private[1]: Creation complete after 1s [id=rtbassoc-e72a1f9ab9814c5c9]
module.vpc.aws_route_table_association.public[0]: Creation complete after 1s [id=rtbassoc-3d8e699f2b1553137]
module.vpc.aws_nat_gateway.this[0]: Creating...
module.ecs.module.cluster.aws_ecs_cluster.this[0]: Creation complete after 11s [id=arn:aws:ecs:us-east-1:000000000000:cluster/hello-world]
module.vpc.aws_nat_gateway.this[1]: Creation complete after 1s [id=nat-80354082e5e1cb7e8]
module.ecs.module.cluster.time_sleep.this[0]: Creating...
aws_security_group.alb: Creation complete after 1s [id=sg-660efee8c6437eb08]
module.vpc.aws_nat_gateway.this[0]: Creation complete after 0s [id=nat-d6aebac2e178b0ed0]
module.vpc.aws_route.private_nat_gateway[1]: Creating...
module.vpc.aws_route.private_nat_gateway[0]: Creating...
aws_security_group.ecs_tasks: Creating...
module.alb.aws_security_group.this[0]: Creation complete after 1s [id=sg-62ef7db2532f93d03]
module.vpc.aws_route.public_internet_gateway[0]: Creation complete after 1s [id=r-rtb-0ac8c26f4dc7184691080289494]
module.alb.aws_lb.this[0]: Creating...
module.alb.aws_lb_target_group.this["app"]: Creation complete after 1s [id=arn:aws:elasticloadbalancing:us-east-1:000000000000:targetgroup/app-20260127150306282800000005/d27718e5895a8ade]
module.vpc.aws_route.private_nat_gateway[0]: Creation complete after 0s [id=r-rtb-0c04e1ffe5c733dd81080289494]
module.vpc.aws_route.private_nat_gateway[1]: Creation complete after 0s [id=r-rtb-c072c522d14c1a74f1080289494]
aws_security_group.ecs_tasks: Creation complete after 0s [id=sg-700803f62c1492700]
module.ecs.module.service["app"].data.aws_subnet.this[0]: Reading...
module.ecs.module.service["app"].aws_iam_policy.tasks[0]: Creating...
module.ecs.module.service["app"].module.container_definition["app"].aws_cloudwatch_log_group.this[0]: Creating...
module.ecs.module.service["app"].aws_iam_role.tasks[0]: Creating...
module.ecs.module.service["app"].aws_iam_role.task_exec[0]: Creating...
module.ecs.module.service["app"].aws_iam_policy.task_exec[0]: Creating...
module.ecs.module.service["app"].data.aws_subnet.this[0]: Read complete after 0s [id=subnet-cf3f9e3636229a890]
module.ecs.module.service["app"].aws_security_group.this[0]: Creating...
module.ecs.module.service["app"].module.container_definition["app"].aws_cloudwatch_log_group.this[0]: Creation complete after 0s [id=/aws/ecs/app/app]
module.ecs.module.service["app"].aws_iam_role.tasks[0]: Creation complete after 1s [id=app-tasks-20260127150307314200000009]
module.ecs.module.service["app"].aws_iam_policy.tasks[0]: Creation complete after 1s [id=arn:aws:iam::000000000000:policy/app-tasks-20260127150307313900000008]
module.ecs.module.service["app"].aws_iam_role.task_exec[0]: Creation complete after 1s [id=app-task-exec-2026012715030731420000000b]
module.ecs.module.service["app"].aws_iam_policy.task_exec[0]: Creation complete after 1s [id=arn:aws:iam::000000000000:policy/app-task-exec-2026012715030731420000000a]
module.ecs.module.service["app"].aws_security_group.this[0]: Creation complete after 1s [id=sg-95d06f6348cad53c1]
module.ecs.module.service["app"].aws_iam_role_policy_attachment.tasks_internal[0]: Creating...
module.ecs.module.service["app"].aws_iam_role_policy_attachment.task_exec[0]: Creating...
module.ecs.module.service["app"].aws_iam_role_policy_attachment.task_exec[0]: Creation complete after 0s [id=app-task-exec-2026012715030731420000000b/arn:aws:iam::000000000000:policy/app-task-exec-2026012715030731420000000a]
module.ecs.module.service["app"].aws_iam_role_policy_attachment.tasks_internal[0]: Creation complete after 0s [id=app-tasks-20260127150307314200000009/arn:aws:iam::000000000000:policy/app-tasks-20260127150307313900000008]
module.ecs.module.service["app"].aws_ecs_task_definition.this[0]: Creating...
module.ecs.module.service["app"].aws_ecs_task_definition.this[0]: Creation complete after 0s [id=app]
module.ecs.module.service["app"].aws_ecs_service.this[0]: Creating...
module.ecs.module.cluster.time_sleep.this[0]: Still creating... [00m10s elapsed]
module.alb.aws_lb.this[0]: Still creating... [00m10s elapsed]
module.ecs.module.service["app"].aws_ecs_service.this[0]: Still creating... [00m10s elapsed]
module.ecs.module.cluster.time_sleep.this[0]: Still creating... [00m20s elapsed]
module.ecs.module.cluster.time_sleep.this[0]: Creation complete after 20s [id=2026-01-27T15:03:27Z]
module.ecs.module.cluster.aws_ecs_cluster_capacity_providers.this[0]: Creating...
module.alb.aws_lb.this[0]: Still creating... [00m20s elapsed]
module.ecs.module.service["app"].aws_ecs_service.this[0]: Still creating... [00m20s elapsed]
module.ecs.module.cluster.aws_ecs_cluster_capacity_providers.this[0]: Still creating... [00m10s elapsed]
module.alb.aws_lb.this[0]: Still creating... [00m30s elapsed]
module.ecs.module.cluster.aws_ecs_cluster_capacity_providers.this[0]: Creation complete after 10s [id=hello-world]
module.ecs.module.service["app"].aws_ecs_service.this[0]: Still creating... [00m30s elapsed]
module.ecs.module.service["app"].aws_ecs_service.this[0]: Still creating... [00m40s elapsed]
module.ecs.module.service["app"].aws_ecs_service.this[0]: Creation complete after 40s [id=arn:aws:ecs:us-east-1:000000000000:service/hello-world/app]
module.ecs.module.service["app"].aws_appautoscaling_target.this[0]: Creating...
module.ecs.module.service["app"].aws_appautoscaling_target.this[0]: Creation complete after 0s [id=service/hello-world/app]
module.ecs.module.service["app"].aws_appautoscaling_policy.this["memory"]: Creating...
module.ecs.module.service["app"].aws_appautoscaling_policy.this["cpu"]: Creating...
module.ecs.module.service["app"].aws_appautoscaling_policy.this["cpu"]: Creation complete after 0s [id=cpu]
module.ecs.module.service["app"].aws_appautoscaling_policy.this["memory"]: Creation complete after 0s [id=memory]
