{"format_version":"1.2","terraform_version":"1.13.5","variables":{"aws_region":{"value":"us-east-1"},"container_port":{"value":3000},"desired_count":{"value":2},"ecr_repo_name":{"value":"ptapp2"},"image_tag":{"value":"latest"},"log_group_name":{"value":"/ecs/hello-world"},"log_retention_in_days":{"value":14},"name":{"value":"hello-world"},"tags":{"value":{"Managed":"terraform","Project":"hello-world"}},"task_cpu":{"value":256},"task_memory":{"value":512},"vpc_cidr":{"value":"10.0.0.0/16"}},"planned_values":{"outputs":{"alb_dns_name":{"sensitive":false},"ecr_repository_url":{"sensitive":false},"ecs_cluster_name":{"sensitive":false,"type":"string","value":"hello-world"},"ecs_service_name":{"sensitive":false,"type":"string","value":"app"}},"root_module":{"resources":[{"address":"aws_cloudwatch_log_group.ecs","mode":"managed","type":"aws_cloudwatch_log_group","name":"ecs","provider_name":"registry.terraform.io/hashicorp/aws","schema_version":0,"values":{"kms_key_id":null,"name":"/ecs/hello-world","region":"us-east-1","retention_in_days":14,"skip_destroy":false,"tags":null,"tags_all":{"Managed":"terraform","Project":"hello-world"}},"sensitive_values":{"tags_all":{}},"identity_schema_version":0,"identity":{"account_id":null,"name":null,"region":null}},{"address":"aws_ecr_lifecycle_policy.app","mode":"managed","type":"aws_ecr_lifecycle_policy","name":"app","provider_name":"registry.terraform.io/hashicorp/aws","schema_version":0,"values":{"policy":"{\"rules\":[{\"action\":{\"type\":\"expire\"},\"description\":\"Expire untagged images older than 7 days\",\"rulePriority\":1,\"selection\":{\"countNumber\":7,\"countType\":\"sinceImagePushed\",\"countUnit\":\"days\",\"tagStatus\":\"untagged\"}},{\"action\":{\"type\":\"expire\"},\"description\":\"Keep last 30 images\",\"rulePriority\":2,\"selection\":{\"countNumber\":30,\"countType\":\"imageCountMoreThan\",\"tagStatus\":\"any\"}}]}","region":"us-east-1","repository":"ptapp2"},"sensitive_values":{},"identity_schema_version":0,"identity":{"account_id":null,"region":null,"repository":null}},{"address":"aws_ecr_repository.app","mode":"managed","type":"aws_ecr_repository","name":"app","provider_name":"registry.terraform.io/hashicorp/aws","schema_version":0,"values":{"encryption_configuration":[],"force_delete":null,"image_scanning_configuration":[{"scan_on_push":true}],"image_tag_mutability":"MUTABLE","image_tag_mutability_exclusion_filter":[],"name":"ptapp2","region":"us-east-1","tags":null,"tags_all":{"Managed":"terraform","Project":"hello-world"},"timeouts":null},"sensitive_values":{"encryption_configuration":[],"image_scanning_configuration":[{}],"image_tag_mutability_exclusion_filter":[],"tags_all":{}},"identity_schema_version":0,"identity":{"account_id":null,"name":null,"region":null}},{"address":"aws_security_group.alb","mode":"managed","type":"aws_security_group","name":"alb","provider_name":"registry.terraform.io/hashicorp/aws","schema_version":1,"values":{"description":"ALB security group","egress":[{"cidr_blocks":["0.0.0.0/0"],"description":"All egress","from_port":0,"ipv6_cidr_blocks":[],"prefix_list_ids":[],"protocol":"-1","security_groups":[],"self":false,"to_port":0}],"ingress":[{"cidr_blocks":["0.0.0.0/0"],"description":"HTTP","from_port":80,"ipv6_cidr_blocks":[],"prefix_list_ids":[],"protocol":"tcp","security_groups":[],"self":false,"to_port":80}],"name":"hello-world-alb","region":"us-east-1","revoke_rules_on_delete":false,"tags":null,"tags_all":{"Managed":"terraform","Project":"hello-world"},"timeouts":null},"sensitive_values":{"egress":[{"cidr_blocks":[false],"ipv6_cidr_blocks":[],"prefix_list_ids":[],"security_groups":[]}],"ingress":[{"cidr_blocks":[false],"ipv6_cidr_blocks":[],"prefix_list_ids":[],"security_groups":[]}],"tags_all":{}},"identity_schema_version":0,"identity":{"account_id":null,"id":null,"region":null}},{"address":"aws_security_group.ecs_tasks","mode":"managed","type":"aws_security_group","name":"ecs_tasks","provider_name":"registry.terraform.io/hashicorp/aws","schema_version":1,"values":{"description":"ECS tasks security group","egress":[{"cidr_blocks":["0.0.0.0/0"],"description":"All egress","from_port":0,"ipv6_cidr_blocks":[],"prefix_list_ids":[],"protocol":"-1","security_groups":[],"self":false,"to_port":0}],"ingress":[{"cidr_blocks":[],"description":"App from ALB","from_port":3000,"ipv6_cidr_blocks":[],"prefix_list_ids":[],"protocol":"tcp","self":false,"to_port":3000}],"name":"hello-world-ecs-tasks","region":"us-east-1","revoke_rules_on_delete":false,"tags":null,"tags_all":{"Managed":"terraform","Project":"hello-world"},"timeouts":null},"sensitive_values":{"egress":[{"cidr_blocks":[false],"ipv6_cidr_blocks":[],"prefix_list_ids":[],"security_groups":[]}],"ingress":[{"cidr_blocks":[],"ipv6_cidr_blocks":[],"prefix_list_ids":[],"security_groups":[]}],"tags_all":{}},"identity_schema_version":0,"identity":{"account_id":null,"id":null,"region":null}}],"child_modules":[{"resources":[{"address":"module.alb.aws_lb.this[0]","mode":"managed","type":"aws_lb","name":"this","index":0,"provider_name":"registry.terraform.io/hashicorp/aws","schema_version":0,"values":{"access_logs":[],"client_keep_alive":3600,"connection_logs":[],"customer_owned_ipv4_pool":null,"desync_mitigation_mode":"defensive","dns_record_client_routing_policy":null,"drop_invalid_header_fields":true,"enable_cross_zone_load_balancing":null,"enable_deletion_protection":true,"enable_http2":true,"enable_tls_version_and_cipher_suite_headers":false,"enable_waf_fail_open":false,"enable_xff_client_port":false,"enable_zonal_shift":false,"health_check_logs":[],"idle_timeout":60,"ipam_pools":[],"load_balancer_type":"application","minimum_load_balancer_capacity":[],"name":"hello-world","preserve_host_header":false,"region":"us-east-1","tags":null,"tags_all":{"Managed":"terraform","Project":"hello-world"},"timeouts":null,"xff_header_processing_mode":"append"},"sensitive_values":{"access_logs":[],"connection_logs":[],"health_check_logs":[],"ipam_pools":[],"minimum_load_balancer_capacity":[],"security_groups":[],"subnet_mapping":[],"subnets":[],"tags_all":{}},"identity_schema_version":0,"identity":{"arn":null}},{"address":"module.alb.aws_lb_listener.this[\"http\"]","mode":"managed","type":"aws_lb_listener","name":"this","index":"http","provider_name":"registry.terraform.io/hashicorp/aws","schema_version":0,"values":{"alpn_policy":null,"certificate_arn":null,"default_action":[{"authenticate_cognito":[],"authenticate_oidc":[],"fixed_response":[],"forward":[],"jwt_validation":[],"redirect":[],"type":"forward"}],"port":80,"protocol":"HTTP","region":"us-east-1","tags":null,"tags_all":{"Managed":"terraform","Project":"hello-world"},"timeouts":null},"sensitive_values":{"default_action":[{"authenticate_cognito":[],"authenticate_oidc":[],"fixed_response":[],"forward":[],"jwt_validation":[],"redirect":[]}],"mutual_authentication":[],"tags_all":{}},"identity_schema_version":0,"identity":{"arn":null}},{"address":"module.alb.aws_lb_target_group.this[\"app\"]","mode":"managed","type":"aws_lb_target_group","name":"this","index":"app","provider_name":"registry.terraform.io/hashicorp/aws","schema_version":0,"values":{"deregistration_delay":"10","health_check":[{"enabled":true,"healthy_threshold":2,"interval":30,"matcher":"200-399","path":"/","port":"traffic-port","protocol":"HTTP","timeout":5,"unhealthy_threshold":2}],"lambda_multi_value_headers_enabled":false,"name_prefix":"app-","port":3000,"protocol":"HTTP","proxy_protocol_v2":false,"region":"us-east-1","slow_start":0,"tags":null,"tags_all":{"Managed":"terraform","Project":"hello-world"},"target_control_port":null,"target_type":"ip"},"sensitive_values":{"health_check":[{}],"load_balancer_arns":[],"stickiness":[],"tags_all":{},"target_failover":[],"target_group_health":[],"target_health_state":[]},"identity_schema_version":0,"identity":{"arn":null}},{"address":"module.alb.aws_security_group.this[0]","mode":"managed","type":"aws_security_group","name":"this","index":0,"provider_name":"registry.terraform.io/hashicorp/aws","schema_version":1,"values":{"description":"Security group for hello-world application load balancer","name_prefix":"hello-world-","region":"us-east-1","revoke_rules_on_delete":false,"tags":null,"tags_all":{"Managed":"terraform","Project":"hello-world"},"timeouts":null},"sensitive_values":{"egress":[],"ingress":[],"tags_all":{}},"identity_schema_version":0,"identity":{"account_id":null,"id":null,"region":null}}],"address":"module.alb"},{"address":"module.ecs","child_modules":[{"resources":[{"address":"module.ecs.module.cluster.aws_cloudwatch_log_group.this[0]","mode":"managed","type":"aws_cloudwatch_log_group","name":"this","index":0,"provider_name":"registry.terraform.io/hashicorp/aws","schema_version":0,"values":{"kms_key_id":null,"name":"/aws/ecs/hello-world","region":"us-east-1","retention_in_days":90,"skip_destroy":false,"tags":{"Name":"/aws/ecs/hello-world"},"tags_all":{"Managed":"terraform","Name":"/aws/ecs/hello-world","Project":"hello-world"}},"sensitive_values":{"tags":{},"tags_all":{}},"identity_schema_version":0,"identity":{"account_id":null,"name":null,"region":null}},{"address":"module.ecs.module.cluster.aws_ecs_cluster.this[0]","mode":"managed","type":"aws_ecs_cluster","name":"this","index":0,"provider_name":"registry.terraform.io/hashicorp/aws","schema_version":0,"values":{"configuration":[{"execute_command_configuration":[{"kms_key_id":null,"log_configuration":[{"cloud_watch_encryption_enabled":null,"cloud_watch_log_group_name":"/aws/ecs/hello-world","s3_bucket_encryption_enabled":null,"s3_bucket_name":null,"s3_key_prefix":null}],"logging":"OVERRIDE"}],"managed_storage_configuration":[]}],"name":"hello-world","region":"us-east-1","service_connect_defaults":[],"setting":[{"name":"containerInsights","value":"enabled"}],"tags":null,"tags_all":{"Managed":"terraform","Project":"hello-world"}},"sensitive_values":{"configuration":[{"execute_command_configuration":[{"log_configuration":[{}]}],"managed_storage_configuration":[]}],"service_connect_defaults":[],"setting":[{}],"tags_all":{}}},{"address":"module.ecs.module.cluster.aws_ecs_cluster_capacity_providers.this[0]","mode":"managed","type":"aws_ecs_cluster_capacity_providers","name":"this","index":0,"provider_name":"registry.terraform.io/hashicorp/aws","schema_version":0,"values":{"capacity_providers":null,"cluster_name":"hello-world","default_capacity_provider_strategy":[{"base":1,"capacity_provider":"FARGATE","weight":1}],"region":"us-east-1"},"sensitive_values":{"default_capacity_provider_strategy":[{}]}},{"address":"module.ecs.module.cluster.time_sleep.this[0]","mode":"managed","type":"time_sleep","name":"this","index":0,"provider_name":"registry.terraform.io/hashicorp/time","schema_version":0,"values":{"create_duration":"20s","destroy_duration":null,"triggers":{"capacity_provider_names":"","capacity_providers":""}},"sensitive_values":{"triggers":{}}}],"address":"module.ecs.module.cluster"},{"resources":[{"address":"module.ecs.module.service[\"app\"].aws_appautoscaling_policy.this[\"cpu\"]","mode":"managed","type":"aws_appautoscaling_policy","name":"this","index":"cpu","provider_name":"registry.terraform.io/hashicorp/aws","schema_version":0,"values":{"name":"cpu","policy_type":"TargetTrackingScaling","predictive_scaling_policy_configuration":[],"region":"us-east-1","scalable_dimension":"ecs:service:DesiredCount","service_namespace":"ecs","step_scaling_policy_configuration":[],"target_tracking_scaling_policy_configuration":[{"customized_metric_specification":[],"disable_scale_in":false,"predefined_metric_specification":[{"predefined_metric_type":"ECSServiceAverageCPUUtilization","resource_label":null}],"scale_in_cooldown":300,"scale_out_cooldown":60,"target_value":75}]},"sensitive_values":{"alarm_arns":[],"predictive_scaling_policy_configuration":[],"step_scaling_policy_configuration":[],"target_tracking_scaling_policy_configuration":[{"customized_metric_specification":[],"predefined_metric_specification":[{}]}]}},{"address":"module.ecs.module.service[\"app\"].aws_appautoscaling_policy.this[\"memory\"]","mode":"managed","type":"aws_appautoscaling_policy","name":"this","index":"memory","provider_name":"registry.terraform.io/hashicorp/aws","schema_version":0,"values":{"name":"memory","policy_type":"TargetTrackingScaling","predictive_scaling_policy_configuration":[],"region":"us-east-1","scalable_dimension":"ecs:service:DesiredCount","service_namespace":"ecs","step_scaling_policy_configuration":[],"target_tracking_scaling_policy_configuration":[{"customized_metric_specification":[],"disable_scale_in":false,"predefined_metric_specification":[{"predefined_metric_type":"ECSServiceAverageMemoryUtilization","resource_label":null}],"scale_in_cooldown":300,"scale_out_cooldown":60,"target_value":75}]},"sensitive_values":{"alarm_arns":[],"predictive_scaling_policy_configuration":[],"step_scaling_policy_configuration":[],"target_tracking_scaling_policy_configuration":[{"customized_metric_specification":[],"predefined_metric_specification":[{}]}]}},{"address":"module.ecs.module.service[\"app\"].aws_appautoscaling_target.this[0]","mode":"managed","type":"aws_appautoscaling_target","name":"this","index":0,"provider_name":"registry.terraform.io/hashicorp/aws","schema_version":0,"values":{"max_capacity":10,"min_capacity":1,"region":"us-east-1","scalable_dimension":"ecs:service:DesiredCount","service_namespace":"ecs","tags":null,"tags_all":{"Managed":"terraform","Project":"hello-world"}},"sensitive_values":{"suspended_state":[],"tags_all":{}}},{"address":"module.ecs.module.service[\"app\"].aws_ecs_service.this[0]","mode":"managed","type":"aws_ecs_service","name":"this","index":0,"provider_name":"registry.terraform.io/hashicorp/aws","schema_version":1,"values":{"alarms":[],"capacity_provider_strategy":[],"deployment_circuit_breaker":[],"deployment_controller":[],"deployment_maximum_percent":200,"deployment_minimum_healthy_percent":66,"desired_count":2,"enable_ecs_managed_tags":true,"enable_execute_command":true,"force_delete":null,"force_new_deployment":true,"health_check_grace_period_seconds":null,"launch_type":"FARGATE","load_balancer":[{"advanced_configuration":[],"container_name":"app","container_port":3000,"elb_name":""}],"name":"app","network_configuration":[{"assign_public_ip":false}],"ordered_placement_strategy":[],"placement_constraints":[],"propagate_tags":null,"region":"us-east-1","scheduling_strategy":"REPLICA","service_connect_configuration":[],"service_registries":[],"sigint_rollback":null,"tags":null,"tags_all":{"Managed":"terraform","Project":"hello-world"},"timeouts":null,"volume_configuration":[],"vpc_lattice_configurations":[],"wait_for_steady_state":false},"sensitive_values":{"alarms":[],"capacity_provider_strategy":[],"deployment_circuit_breaker":[],"deployment_configuration":[],"deployment_controller":[],"load_balancer":[{"advanced_configuration":[]}],"network_configuration":[{"security_groups":[],"subnets":[]}],"ordered_placement_strategy":[],"placement_constraints":[],"service_connect_configuration":[],"service_registries":[],"tags_all":{},"triggers":{},"volume_configuration":[],"vpc_lattice_configurations":[]}},{"address":"module.ecs.module.service[\"app\"].aws_ecs_task_definition.this[0]","mode":"managed","type":"aws_ecs_task_definition","name":"this","index":0,"provider_name":"registry.terraform.io/hashicorp/aws","schema_version":1,"values":{"container_definitions":"[{\"essential\":true,\"image\":\"000000000000.dkr.ecr.us-east-1.amazonaws.com/ptapp2:latest\",\"interactive\":false,\"linuxParameters\":{\"initProcessEnabled\":true},\"logConfiguration\":{\"logDriver\":\"awslogs\",\"options\":{\"awslogs-group\":\"/aws/ecs/app/app\",\"awslogs-region\":\"us-east-1\",\"awslogs-stream-prefix\":\"ecs\"}},\"mountPoints\":[],\"name\":\"app\",\"portMappings\":[],\"privileged\":false,\"pseudoTerminal\":false,\"readonlyRootFilesystem\":true,\"restartPolicy\":{\"enabled\":true},\"startTimeout\":30,\"stopTimeout\":120,\"versionConsistency\":\"disabled\"}]","cpu":"256","ephemeral_storage":[],"family":"app","ipc_mode":null,"memory":"512","network_mode":"awsvpc","pid_mode":null,"placement_constraints":[],"proxy_configuration":[],"region":"us-east-1","requires_compatibilities":["FARGATE"],"runtime_platform":[{"cpu_architecture":"X86_64","operating_system_family":"LINUX"}],"skip_destroy":false,"tags":null,"tags_all":{"Managed":"terraform","Project":"hello-world"},"track_latest":true,"volume":[]},"sensitive_values":{"ephemeral_storage":[],"placement_constraints":[],"proxy_configuration":[],"requires_compatibilities":[false],"runtime_platform":[{}],"tags_all":{},"volume":[]}},{"address":"module.ecs.module.service[\"app\"].aws_iam_policy.task_exec[0]","mode":"managed","type":"aws_iam_policy","name":"task_exec","index":0,"provider_name":"registry.terraform.io/hashicorp/aws","schema_version":0,"values":{"delay_after_policy_creation_in_ms":null,"description":"Task execution role IAM policy","name_prefix":"app-task-exec-","path":"/","policy":"{\"Statement\":[{\"Action\":[\"logs:PutLogEvents\",\"logs:CreateLogStream\"],\"Effect\":\"Allow\",\"Resource\":\"*\",\"Sid\":\"Logs\"},{\"Action\":[\"ecr:GetDownloadUrlForLayer\",\"ecr:GetAuthorizationToken\",\"ecr:BatchGetImage\",\"ecr:BatchCheckLayerAvailability\"],\"Effect\":\"Allow\",\"Resource\":\"*\",\"Sid\":\"ECR\"}],\"Version\":\"2012-10-17\"}","tags":null,"tags_all":{"Managed":"terraform","Project":"hello-world"}},"sensitive_values":{"tags_all":{}},"identity_schema_version":0,"identity":{"arn":null}},{"address":"module.ecs.module.service[\"app\"].aws_iam_policy.tasks[0]","mode":"managed","type":"aws_iam_policy","name":"tasks","index":0,"provider_name":"registry.terraform.io/hashicorp/aws","schema_version":0,"values":{"delay_after_policy_creation_in_ms":null,"description":"Task role IAM policy","name_prefix":"app-tasks-","path":"/","policy":"{\"Statement\":[{\"Action\":[\"ssmmessages:OpenDataChannel\",\"ssmmessages:OpenControlChannel\",\"ssmmessages:CreateDataChannel\",\"ssmmessages:CreateControlChannel\"],\"Effect\":\"Allow\",\"Resource\":\"*\",\"Sid\":\"ECSExec\"}],\"Version\":\"2012-10-17\"}","tags":null,"tags_all":{"Managed":"terraform","Project":"hello-world"}},"sensitive_values":{"tags_all":{}},"identity_schema_version":0,"identity":{"arn":null}},{"address":"module.ecs.module.service[\"app\"].aws_iam_role.task_exec[0]","mode":"managed","type":"aws_iam_role","name":"task_exec","index":0,"provider_name":"registry.terraform.io/hashicorp/aws","schema_version":0,"values":{"assume_role_policy":"{\"Statement\":[{\"Action\":\"sts:AssumeRole\",\"Effect\":\"Allow\",\"Principal\":{\"Service\":\"ecs-tasks.amazonaws.com\"},\"Sid\":\"ECSTaskExecutionAssumeRole\"}],\"Version\":\"2012-10-17\"}","description":"Task execution role for app-task-exec","force_detach_policies":true,"max_session_duration":3600,"name_prefix":"app-task-exec-","path":"/","permissions_boundary":null,"tags":null,"tags_all":{"Managed":"terraform","Project":"hello-world"}},"sensitive_values":{"inline_policy":[],"managed_policy_arns":[],"tags_all":{}},"identity_schema_version":0,"identity":{"account_id":null,"name":null}},{"address":"module.ecs.module.service[\"app\"].aws_iam_role.tasks[0]","mode":"managed","type":"aws_iam_role","name":"tasks","index":0,"provider_name":"registry.terraform.io/hashicorp/aws","schema_version":0,"values":{"assume_role_policy":"{\"Statement\":[{\"Action\":\"sts:AssumeRole\",\"Condition\":{\"ArnLike\":{\"aws:SourceArn\":\"arn:aws:ecs:us-east-1:000000000000:*\"},\"StringEquals\":{\"aws:SourceAccount\":\"000000000000\"}},\"Effect\":\"Allow\",\"Principal\":{\"Service\":\"ecs-tasks.amazonaws.com\"},\"Sid\":\"ECSTasksAssumeRole\"}],\"Version\":\"2012-10-17\"}","description":"IAM role for ECS tasks in Service app","force_detach_policies":true,"max_session_duration":3600,"name_prefix":"app-tasks-","path":"/","permissions_boundary":null,"tags":null,"tags_all":{"Managed":"terraform","Project":"hello-world"}},"sensitive_values":{"inline_policy":[],"managed_policy_arns":[],"tags_all":{}},"identity_schema_version":0,"identity":{"account_id":null,"name":null}},{"address":"module.ecs.module.service[\"app\"].aws_iam_role_policy_attachment.task_exec[0]","mode":"managed","type":"aws_iam_role_policy_attachment","name":"task_exec","index":0,"provider_name":"registry.terraform.io/hashicorp/aws","schema_version":0,"sensitive_values":{},"identity_schema_version":0,"identity":{"account_id":null,"policy_arn":null,"role":null}},{"address":"module.ecs.module.service[\"app\"].aws_iam_role_policy_attachment.tasks_internal[0]","mode":"managed","type":"aws_iam_role_policy_attachment","name":"tasks_internal","index":0,"provider_name":"registry.terraform.io/hashicorp/aws","schema_version":0,"sensitive_values":{},"identity_schema_version":0,"identity":{"account_id":null,"policy_arn":null,"role":null}},{"address":"module.ecs.module.service[\"app\"].aws_security_group.this[0]","mode":"managed","type":"aws_security_group","name":"this","index":0,"provider_name":"registry.terraform.io/hashicorp/aws","schema_version":1,"values":{"description":"Security group for ECS Service app","name_prefix":"app-service-","region":"us-east-1","revoke_rules_on_delete":false,"tags":{"Name":"app-service"},"tags_all":{"Managed":"terraform","Name":"app-service","Project":"hello-world"},"timeouts":null},"sensitive_values":{"egress":[],"ingress":[],"tags":{},"tags_all":{}},"identity_schema_version":0,"identity":{"account_id":null,"id":null,"region":null}},{"address":"module.ecs.module.service[\"app\"].data.aws_subnet.this[0]","mode":"data","type":"aws_subnet","name":"this","index":0,"provider_name":"registry.terraform.io/hashicorp/aws","schema_version":0,"values":{"filter":[],"timeouts":null},"sensitive_values":{"filter":[],"tags":{}}}],"address":"module.ecs.module.service[\"app\"]","child_modules":[{"resources":[{"address":"module.ecs.module.service[\"app\"].module.container_definition[\"app\"].aws_cloudwatch_log_group.this[0]","mode":"managed","type":"aws_cloudwatch_log_group","name":"this","index":0,"provider_name":"registry.terraform.io/hashicorp/aws","schema_version":0,"values":{"kms_key_id":null,"name":"/aws/ecs/app/app","region":"us-east-1","retention_in_days":14,"skip_destroy":false,"tags":null,"tags_all":{"Managed":"terraform","Project":"hello-world"}},"sensitive_values":{"tags_all":{}},"identity_schema_version":0,"identity":{"account_id":null,"name":null,"region":null}}],"address":"module.ecs.module.service[\"app\"].module.container_definition[\"app\"]"}]}]},{"resources":[{"address":"module.vpc.aws_default_network_acl.this[0]","mode":"managed","type":"aws_default_network_acl","name":"this","index":0,"provider_name":"registry.terraform.io/hashicorp/aws","schema_version":0,"values":{"egress":[{"action":"allow","cidr_block":"","from_port":0,"icmp_code":null,"icmp_type":null,"ipv6_cidr_block":"::/0","protocol":"-1","rule_no":101,"to_port":0},{"action":"allow","cidr_block":"0.0.0.0/0","from_port":0,"icmp_code":null,"icmp_type":null,"ipv6_cidr_block":"","protocol":"-1","rule_no":100,"to_port":0}],"ingress":[{"action":"allow","cidr_block":"","from_port":0,"icmp_code":null,"icmp_type":null,"ipv6_cidr_block":"::/0","protocol":"-1","rule_no":101,"to_port":0},{"action":"allow","cidr_block":"0.0.0.0/0","from_port":0,"icmp_code":null,"icmp_type":null,"ipv6_cidr_block":"","protocol":"-1","rule_no":100,"to_port":0}],"region":"us-east-1","subnet_ids":null,"tags":{"Name":"hello-world-default"},"tags_all":{"Managed":"terraform","Name":"hello-world-default","Project":"hello-world"}},"sensitive_values":{"egress":[{},{}],"ingress":[{},{}],"tags":{},"tags_all":{}}},{"address":"module.vpc.aws_default_route_table.default[0]","mode":"managed","type":"aws_default_route_table","name":"default","index":0,"provider_name":"registry.terraform.io/hashicorp/aws","schema_version":0,"values":{"propagating_vgws":null,"region":"us-east-1","tags":{"Name":"hello-world-default"},"tags_all":{"Managed":"terraform","Name":"hello-world-default","Project":"hello-world"},"timeouts":{"create":"5m","update":"5m"}},"sensitive_values":{"route":[],"tags":{},"tags_all":{},"timeouts":{}}},{"address":"module.vpc.aws_default_security_group.this[0]","mode":"managed","type":"aws_default_security_group","name":"this","index":0,"provider_name":"registry.terraform.io/hashicorp/aws","schema_version":1,"values":{"region":"us-east-1","revoke_rules_on_delete":false,"tags":{"Name":"hello-world-default"},"tags_all":{"Managed":"terraform","Name":"hello-world-default","Project":"hello-world"}},"sensitive_values":{"egress":[],"ingress":[],"tags":{},"tags_all":{}}},{"address":"module.vpc.aws_eip.nat[0]","mode":"managed","type":"aws_eip","name":"nat","index":0,"provider_name":"registry.terraform.io/hashicorp/aws","schema_version":0,"values":{"address":null,"associate_with_private_ip":null,"customer_owned_ipv4_pool":null,"domain":"vpc","region":"us-east-1","tags":{"Name":"hello-world-us-east-1a"},"tags_all":{"Managed":"terraform","Name":"hello-world-us-east-1a","Project":"hello-world"},"timeouts":null},"sensitive_values":{"tags":{},"tags_all":{}}},{"address":"module.vpc.aws_eip.nat[1]","mode":"managed","type":"aws_eip","name":"nat","index":1,"provider_name":"registry.terraform.io/hashicorp/aws","schema_version":0,"values":{"address":null,"associate_with_private_ip":null,"customer_owned_ipv4_pool":null,"domain":"vpc","region":"us-east-1","tags":{"Name":"hello-world-us-east-1b"},"tags_all":{"Managed":"terraform","Name":"hello-world-us-east-1b","Project":"hello-world"},"timeouts":null},"sensitive_values":{"tags":{},"tags_all":{}}},{"address":"module.vpc.aws_internet_gateway.this[0]","mode":"managed","type":"aws_internet_gateway","name":"this","index":0,"provider_name":"registry.terraform.io/hashicorp/aws","schema_version":0,"values":{"region":"us-east-1","tags":{"Name":"hello-world"},"tags_all":{"Managed":"terraform","Name":"hello-world","Project":"hello-world"},"timeouts":null},"sensitive_values":{"tags":{},"tags_all":{}}},{"address":"module.vpc.aws_nat_gateway.this[0]","mode":"managed","type":"aws_nat_gateway","name":"this","index":0,"provider_name":"registry.terraform.io/hashicorp/aws","schema_version":0,"values":{"availability_zone_address":[],"connectivity_type":"public","region":"us-east-1","tags":{"Name":"hello-world-us-east-1a"},"tags_all":{"Managed":"terraform","Name":"hello-world-us-east-1a","Project":"hello-world"},"timeouts":null},"sensitive_values":{"availability_zone_address":[],"regional_nat_gateway_address":[],"secondary_allocation_ids":[],"secondary_private_ip_addresses":[],"tags":{},"tags_all":{}}},{"address":"module.vpc.aws_nat_gateway.this[1]","mode":"managed","type":"aws_nat_gateway","name":"this","index":1,"provider_name":"registry.terraform.io/hashicorp/aws","schema_version":0,"values":{"availability_zone_address":[],"connectivity_type":"public","region":"us-east-1","tags":{"Name":"hello-world-us-east-1b"},"tags_all":{"Managed":"terraform","Name":"hello-world-us-east-1b","Project":"hello-world"},"timeouts":null},"sensitive_values":{"availability_zone_address":[],"regional_nat_gateway_address":[],"secondary_allocation_ids":[],"secondary_private_ip_addresses":[],"tags":{},"tags_all":{}}},{"address":"module.vpc.aws_route.private_nat_gateway[0]","mode":"managed","type":"aws_route","name":"private_nat_gateway","index":0,"provider_name":"registry.terraform.io/hashicorp/aws","schema_version":0,"values":{"carrier_gateway_id":null,"core_network_arn":null,"destination_cidr_block":"0.0.0.0/0","destination_ipv6_cidr_block":null,"destination_prefix_list_id":null,"egress_only_gateway_id":null,"gateway_id":null,"local_gateway_id":null,"region":"us-east-1","timeouts":{"create":"5m","delete":null,"update":null},"transit_gateway_id":null,"vpc_endpoint_id":null,"vpc_peering_connection_id":null},"sensitive_values":{"timeouts":{}},"identity_schema_version":0,"identity":{"account_id":null,"destination_cidr_block":null,"destination_ipv6_cidr_block":null,"destination_prefix_list_id":null,"region":null,"route_table_id":null}},{"address":"module.vpc.aws_route.private_nat_gateway[1]","mode":"managed","type":"aws_route","name":"private_nat_gateway","index":1,"provider_name":"registry.terraform.io/hashicorp/aws","schema_version":0,"values":{"carrier_gateway_id":null,"core_network_arn":null,"destination_cidr_block":"0.0.0.0/0","destination_ipv6_cidr_block":null,"destination_prefix_list_id":null,"egress_only_gateway_id":null,"gateway_id":null,"local_gateway_id":null,"region":"us-east-1","timeouts":{"create":"5m","delete":null,"update":null},"transit_gateway_id":null,"vpc_endpoint_id":null,"vpc_peering_connection_id":null},"sensitive_values":{"timeouts":{}},"identity_schema_version":0,"identity":{"account_id":null,"destination_cidr_block":null,"destination_ipv6_cidr_block":null,"destination_prefix_list_id":null,"region":null,"route_table_id":null}},{"address":"module.vpc.aws_route.public_internet_gateway[0]","mode":"managed","type":"aws_route","name":"public_internet_gateway","index":0,"provider_name":"registry.terraform.io/hashicorp/aws","schema_version":0,"values":{"carrier_gateway_id":null,"core_network_arn":null,"destination_cidr_block":"0.0.0.0/0","destination_ipv6_cidr_block":null,"destination_prefix_list_id":null,"egress_only_gateway_id":null,"local_gateway_id":null,"nat_gateway_id":null,"region":"us-east-1","timeouts":{"create":"5m","delete":null,"update":null},"transit_gateway_id":null,"vpc_endpoint_id":null,"vpc_peering_connection_id":null},"sensitive_values":{"timeouts":{}},"identity_schema_version":0,"identity":{"account_id":null,"destination_cidr_block":null,"destination_ipv6_cidr_block":null,"destination_prefix_list_id":null,"region":null,"route_table_id":null}},{"address":"module.vpc.aws_route_table.private[0]","mode":"managed","type":"aws_route_table","name":"private","index":0,"provider_name":"registry.terraform.io/hashicorp/aws","schema_version":0,"values":{"region":"us-east-1","tags":{"Name":"hello-world-private-us-east-1a"},"tags_all":{"Managed":"terraform","Name":"hello-world-private-us-east-1a","Project":"hello-world"},"timeouts":null},"sensitive_values":{"propagating_vgws":[],"route":[],"tags":{},"tags_all":{}},"identity_schema_version":0,"identity":{"account_id":null,"id":null,"region":null}},{"address":"module.vpc.aws_route_table.private[1]","mode":"managed","type":"aws_route_table","name":"private","index":1,"provider_name":"registry.terraform.io/hashicorp/aws","schema_version":0,"values":{"region":"us-east-1","tags":{"Name":"hello-world-private-us-east-1b"},"tags_all":{"Managed":"terraform","Name":"hello-world-private-us-east-1b","Project":"hello-world"},"timeouts":null},"sensitive_values":{"propagating_vgws":[],"route":[],"tags":{},"tags_all":{}},"identity_schema_version":0,"identity":{"account_id":null,"id":null,"region":null}},{"address":"module.vpc.aws_route_table.public[0]","mode":"managed","type":"aws_route_table","name":"public","index":0,"provider_name":"registry.terraform.io/hashicorp/aws","schema_version":0,"values":{"region":"us-east-1","tags":{"Name":"hello-world-public"},"tags_all":{"Managed":"terraform","Name":"hello-world-public","Project":"hello-world"},"timeouts":null},"sensitive_values":{"propagating_vgws":[],"route":[],"tags":{},"tags_all":{}},"identity_schema_version":0,"identity":{"account_id":null,"id":null,"region":null}},{"address":"module.vpc.aws_route_table_association.private[0]","mode":"managed","type":"aws_route_table_association","name":"private","index":0,"provider_name":"registry.terraform.io/hashicorp/aws","schema_version":0,"values":{"gateway_id":null,"region":"us-east-1","timeouts":null},"sensitive_values":{}},{"address":"module.vpc.aws_route_table_association.private[1]","mode":"managed","type":"aws_route_table_association","name":"private","index":1,"provider_name":"registry.terraform.io/hashicorp/aws","schema_version":0,"values":{"gateway_id":null,"region":"us-east-1","timeouts":null},"sensitive_values":{}},{"address":"module.vpc.aws_route_table_association.public[0]","mode":"managed","type":"aws_route_table_association","name":"public","index":0,"provider_name":"registry.terraform.io/hashicorp/aws","schema_version":0,"values":{"gateway_id":null,"region":"us-east-1","timeouts":null},"sensitive_values":{}},{"address":"module.vpc.aws_route_table_association.public[1]","mode":"managed","type":"aws_route_table_association","name":"public","index":1,"provider_name":"registry.terraform.io/hashicorp/aws","schema_version":0,"values":{"gateway_id":null,"region":"us-east-1","timeouts":null},"sensitive_values":{}},{"address":"module.vpc.aws_subnet.private[0]","mode":"managed","type":"aws_subnet","name":"private","index":0,"provider_name":"registry.terraform.io/hashicorp/aws","schema_version":1,"values":{"assign_ipv6_address_on_creation":false,"availability_zone":"us-east-1a","cidr_block":"10.0.10.0/24","customer_owned_ipv4_pool":null,"enable_dns64":false,"enable_lni_at_device_index":null,"enable_resource_name_dns_a_record_on_launch":false,"enable_resource_name_dns_aaaa_record_on_launch":false,"ipv6_cidr_block":null,"ipv6_native":false,"map_customer_owned_ip_on_launch":null,"map_public_ip_on_launch":false,"outpost_arn":null,"region":"us-east-1","tags":{"Name":"hello-world-private-us-east-1a"},"tags_all":{"Managed":"terraform","Name":"hello-world-private-us-east-1a","Project":"hello-world"},"timeouts":null},"sensitive_values":{"tags":{},"tags_all":{}},"identity_schema_version":0,"identity":{"account_id":null,"id":null,"region":null}},{"address":"module.vpc.aws_subnet.private[1]","mode":"managed","type":"aws_subnet","name":"private","index":1,"provider_name":"registry.terraform.io/hashicorp/aws","schema_version":1,"values":{"assign_ipv6_address_on_creation":false,"availability_zone":"us-east-1b","cidr_block":"10.0.11.0/24","customer_owned_ipv4_pool":null,"enable_dns64":false,"enable_lni_at_device_index":null,"enable_resource_name_dns_a_record_on_launch":false,"enable_resource_name_dns_aaaa_record_on_launch":false,"ipv6_cidr_block":null,"ipv6_native":false,"map_customer_owned_ip_on_launch":null,"map_public_ip_on_launch":false,"outpost_arn":null,"region":"us-east-1","tags":{"Name":"hello-world-private-us-east-1b"},"tags_all":{"Managed":"terraform","Name":"hello-world-private-us-east-1b","Project":"hello-world"},"timeouts":null},"sensitive_values":{"tags":{},"tags_all":{}},"identity_schema_version":0,"identity":{"account_id":null,"id":null,"region":null}},{"address":"module.vpc.aws_subnet.public[0]","mode":"managed","type":"aws_subnet","name":"public","index":0,"provider_name":"registry.terraform.io/hashicorp/aws","schema_version":1,"values":{"assign_ipv6_address_on_creation":false,"availability_zone":"us-east-1a","cidr_block":"10.0.0.0/24","customer_owned_ipv4_pool":null,"enable_dns64":false,"enable_lni_at_device_index":null,"enable_resource_name_dns_a_record_on_launch":false,"enable_resource_name_dns_aaaa_record_on_launch":false,"ipv6_cidr_block":null,"ipv6_native":false,"map_customer_owned_ip_on_launch":null,"map_public_ip_on_launch":false,"outpost_arn":null,"region":"us-east-1","tags":{"Name":"hello-world-public-us-east-1a"},"tags_all":{"Managed":"terraform","Name":"hello-world-public-us-east-1a","Project":"hello-world"},"timeouts":null},"sensitive_values":{"tags":{},"tags_all":{}},"identity_schema_version":0,"identity":{"account_id":null,"id":null,"region":null}},{"address":"module.vpc.aws_subnet.public[1]","mode":"managed","type":"aws_subnet","name":"public","index":1,"provider_name":"registry.terraform.io/hashicorp/aws","schema_version":1,"values":{"assign_ipv6_address_on_creation":false,"availability_zone":"us-east-1b","cidr_block":"10.0.1.0/24","customer_owned_ipv4_pool":null,"enable_dns64":false,"enable_lni_at_device_index":null,"enable_resource_name_dns_a_record_on_launch":false,"enable_resource_name_dns_aaaa_record_on_launch":false,"ipv6_cidr_block":null,"ipv6_native":false,"map_customer_owned_ip_on_launch":null,"map_public_ip_on_launch":false,"outpost_arn":null,"region":"us-east-1","tags":{"Name":"hello-world-public-us-east-1b"},"tags_all":{"Managed":"terraform","Name":"hello-world-public-us-east-1b","Project":"hello-world"},"timeouts":null},"sensitive_values":{"tags":{},"tags_all":{}},"identity_schema_version":0,"identity":{"account_id":null,"id":null,"region":null}},{"address":"module.vpc.aws_vpc.this[0]","mode":"managed","type":"aws_vpc","name":"this","index":0,"provider_name":"registry.terraform.io/hashicorp/aws","schema_version":1,"values":{"assign_generated_ipv6_cidr_block":null,"cidr_block":"10.0.0.0/16","enable_dns_hostnames":true,"enable_dns_support":true,"instance_tenancy":"default","ipv4_ipam_pool_id":null,"ipv4_netmask_length":null,"ipv6_ipam_pool_id":null,"ipv6_netmask_length":null,"region":"us-east-1","tags":{"Name":"hello-world"},"tags_all":{"Managed":"terraform","Name":"hello-world","Project":"hello-world"}},"sensitive_values":{"tags":{},"tags_all":{}},"identity_schema_version":0,"identity":{"account_id":null,"id":null,"region":null}}],"address":"module.vpc"}]}},"resource_changes":[{"address":"aws_cloudwatch_log_group.ecs","mode":"managed","type":"aws_cloudwatch_log_group","name":"ecs","provider_name":"registry.terraform.io/hashicorp/aws","change":{"actions":["create"],"before":null,"after":{"kms_key_id":null,"name":"/ecs/hello-world","region":"us-east-1","retention_in_days":14,"skip_destroy":false,"tags":null,"tags_all":{"Managed":"terraform","Project":"hello-world"}},"after_unknown":{"arn":true,"deletion_protection_enabled":true,"id":true,"log_group_class":true,"name_prefix":true,"tags_all":{}},"before_sensitive":false,"after_sensitive":{"tags_all":{}},"after_identity":{"account_id":null,"name":null,"region":null}}},{"address":"aws_ecr_lifecycle_policy.app","mode":"managed","type":"aws_ecr_lifecycle_policy","name":"app","provider_name":"registry.terraform.io/hashicorp/aws","change":{"actions":["create"],"before":null,"after":{"policy":"{\"rules\":[{\"action\":{\"type\":\"expire\"},\"description\":\"Expire untagged images older than 7 days\",\"rulePriority\":1,\"selection\":{\"countNumber\":7,\"countType\":\"sinceImagePushed\",\"countUnit\":\"days\",\"tagStatus\":\"untagged\"}},{\"action\":{\"type\":\"expire\"},\"description\":\"Keep last 30 images\",\"rulePriority\":2,\"selection\":{\"countNumber\":30,\"countType\":\"imageCountMoreThan\",\"tagStatus\":\"any\"}}]}","region":"us-east-1","repository":"ptapp2"},"after_unknown":{"id":true,"registry_id":true},"before_sensitive":false,"after_sensitive":{},"after_identity":{"account_id":null,"region":null,"repository":null}}},{"address":"aws_ecr_repository.app","mode":"managed","type":"aws_ecr_repository","name":"app","provider_name":"registry.terraform.io/hashicorp/aws","change":{"actions":["create"],"before":null,"after":{"encryption_configuration":[],"force_delete":null,"image_scanning_configuration":[{"scan_on_push":true}],"image_tag_mutability":"MUTABLE","image_tag_mutability_exclusion_filter":[],"name":"ptapp2","region":"us-east-1","tags":null,"tags_all":{"Managed":"terraform","Project":"hello-world"},"timeouts":null},"after_unknown":{"arn":true,"encryption_configuration":[],"id":true,"image_scanning_configuration":[{}],"image_tag_mutability_exclusion_filter":[],"registry_id":true,"repository_url":true,"tags_all":{}},"before_sensitive":false,"after_sensitive":{"encryption_configuration":[],"image_scanning_configuration":[{}],"image_tag_mutability_exclusion_filter":[],"tags_all":{}},"after_identity":{"account_id":null,"name":null,"region":null}}},{"address":"aws_security_group.alb","mode":"managed","type":"aws_security_group","name":"alb","provider_name":"registry.terraform.io/hashicorp/aws","change":{"actions":["create"],"before":null,"after":{"description":"ALB security group","egress":[{"cidr_blocks":["0.0.0.0/0"],"description":"All egress","from_port":0,"ipv6_cidr_blocks":[],"prefix_list_ids":[],"protocol":"-1","security_groups":[],"self":false,"to_port":0}],"ingress":[{"cidr_blocks":["0.0.0.0/0"],"description":"HTTP","from_port":80,"ipv6_cidr_blocks":[],"prefix_list_ids":[],"protocol":"tcp","security_groups":[],"self":false,"to_port":80}],"name":"hello-world-alb","region":"us-east-1","revoke_rules_on_delete":false,"tags":null,"tags_all":{"Managed":"terraform","Project":"hello-world"},"timeouts":null},"after_unknown":{"arn":true,"egress":[{"cidr_blocks":[false],"ipv6_cidr_blocks":[],"prefix_list_ids":[],"security_groups":[]}],"id":true,"ingress":[{"cidr_blocks":[false],"ipv6_cidr_blocks":[],"prefix_list_ids":[],"security_groups":[]}],"name_prefix":true,"owner_id":true,"tags_all":{},"vpc_id":true},"before_sensitive":false,"after_sensitive":{"egress":[{"cidr_blocks":[false],"ipv6_cidr_blocks":[],"prefix_list_ids":[],"security_groups":[]}],"ingress":[{"cidr_blocks":[false],"ipv6_cidr_blocks":[],"prefix_list_ids":[],"security_groups":[]}],"tags_all":{}},"after_identity":{"account_id":null,"id":null,"region":null}}},{"address":"aws_security_group.ecs_tasks","mode":"managed","type":"aws_security_group","name":"ecs_tasks","provider_name":"registry.terraform.io/hashicorp/aws","change":{"actions":["create"],"before":null,"after":{"description":"ECS tasks security group","egress":[{"cidr_blocks":["0.0.0.0/0"],"description":"All egress","from_port":0,"ipv6_cidr_blocks":[],"prefix_list_ids":[],"protocol":"-1","security_groups":[],"self":false,"to_port":0}],"ingress":[{"cidr_blocks":[],"description":"App from ALB","from_port":3000,"ipv6_cidr_blocks":[],"prefix_list_ids":[],"protocol":"tcp","self":false,"to_port":3000}],"name":"hello-world-ecs-tasks","region":"us-east-1","revoke_rules_on_delete":false,"tags":null,"tags_all":{"Managed":"terraform","Project":"hello-world"},"timeouts":null},"after_unknown":{"arn":true,"egress":[{"cidr_blocks":[false],"ipv6_cidr_blocks":[],"prefix_list_ids":[],"security_groups":[]}],"id":true,"ingress":[{"cidr_blocks":[],"ipv6_cidr_blocks":[],"prefix_list_ids":[],"security_groups":true}],"name_prefix":true,"owner_id":true,"tags_all":{},"vpc_id":true},"before_sensitive":false,"after_sensitive":{"egress":[{"cidr_blocks":[false],"ipv6_cidr_blocks":[],"prefix_list_ids":[],"security_groups":[]}],"ingress":[{"cidr_blocks":[],"ipv6_cidr_blocks":[],"prefix_list_ids":[],"security_groups":[]}],"tags_all":{}},"after_identity":{"account_id":null,"id":null,"region":null}}},{"address":"module.alb.aws_lb.this[0]","module_address":"module.alb","mode":"managed","type":"aws_lb","name":"this","index":0,"provider_name":"registry.terraform.io/hashicorp/aws","change":{"actions":["create"],"before":null,"after":{"access_logs":[],"client_keep_alive":3600,"connection_logs":[],"customer_owned_ipv4_pool":null,"desync_mitigation_mode":"defensive","dns_record_client_routing_policy":null,"drop_invalid_header_fields":true,"enable_cross_zone_load_balancing":null,"enable_deletion_protection":true,"enable_http2":true,"enable_tls_version_and_cipher_suite_headers":false,"enable_waf_fail_open":false,"enable_xff_client_port":false,"enable_zonal_shift":false,"health_check_logs":[],"idle_timeout":60,"ipam_pools":[],"load_balancer_type":"application","minimum_load_balancer_capacity":[],"name":"hello-world","preserve_host_header":false,"region":"us-east-1","tags":null,"tags_all":{"Managed":"terraform","Project":"hello-world"},"timeouts":null,"xff_header_processing_mode":"append"},"after_unknown":{"access_logs":[],"arn":true,"arn_suffix":true,"connection_logs":[],"dns_name":true,"enforce_security_group_inbound_rules_on_private_link_traffic":true,"health_check_logs":[],"id":true,"internal":true,"ip_address_type":true,"ipam_pools":[],"minimum_load_balancer_capacity":[],"name_prefix":true,"secondary_ips_auto_assigned_per_subnet":true,"security_groups":true,"subnet_mapping":true,"subnets":true,"tags_all":{},"vpc_id":true,"zone_id":true},"before_sensitive":false,"after_sensitive":{"access_logs":[],"connection_logs":[],"health_check_logs":[],"ipam_pools":[],"minimum_load_balancer_capacity":[],"security_groups":[],"subnet_mapping":[],"subnets":[],"tags_all":{}},"after_identity":{"arn":null}}},{"address":"module.alb.aws_lb_listener.this[\"http\"]","module_address":"module.alb","mode":"managed","type":"aws_lb_listener","name":"this","index":"http","provider_name":"registry.terraform.io/hashicorp/aws","change":{"actions":["create"],"before":null,"after":{"alpn_policy":null,"certificate_arn":null,"default_action":[{"authenticate_cognito":[],"authenticate_oidc":[],"fixed_response":[],"forward":[],"jwt_validation":[],"redirect":[],"type":"forward"}],"port":80,"protocol":"HTTP","region":"us-east-1","tags":null,"tags_all":{"Managed":"terraform","Project":"hello-world"},"timeouts":null},"after_unknown":{"arn":true,"default_action":[{"authenticate_cognito":[],"authenticate_oidc":[],"fixed_response":[],"forward":[],"jwt_validation":[],"order":true,"redirect":[],"target_group_arn":true}],"id":true,"load_balancer_arn":true,"mutual_authentication":true,"routing_http_request_x_amzn_mtls_clientcert_header_name":true,"routing_http_request_x_amzn_mtls_clientcert_issuer_header_name":true,"routing_http_request_x_amzn_mtls_clientcert_leaf_header_name":true,"routing_http_request_x_amzn_mtls_clientcert_serial_number_header_name":true,"routing_http_request_x_amzn_mtls_clientcert_subject_header_name":true,"routing_http_request_x_amzn_mtls_clientcert_validity_header_name":true,"routing_http_request_x_amzn_tls_cipher_suite_header_name":true,"routing_http_request_x_amzn_tls_version_header_name":true,"routing_http_response_access_control_allow_credentials_header_value":true,"routing_http_response_access_control_allow_headers_header_value":true,"routing_http_response_access_control_allow_methods_header_value":true,"routing_http_response_access_control_allow_origin_header_value":true,"routing_http_response_access_control_expose_headers_header_value":true,"routing_http_response_access_control_max_age_header_value":true,"routing_http_response_content_security_policy_header_value":true,"routing_http_response_server_enabled":true,"routing_http_response_strict_transport_security_header_value":true,"routing_http_response_x_content_type_options_header_value":true,"routing_http_response_x_frame_options_header_value":true,"ssl_policy":true,"tags_all":{},"tcp_idle_timeout_seconds":true},"before_sensitive":false,"after_sensitive":{"default_action":[{"authenticate_cognito":[],"authenticate_oidc":[],"fixed_response":[],"forward":[],"jwt_validation":[],"redirect":[]}],"mutual_authentication":[],"tags_all":{}},"after_identity":{"arn":null}}},{"address":"module.alb.aws_lb_target_group.this[\"app\"]","module_address":"module.alb","mode":"managed","type":"aws_lb_target_group","name":"this","index":"app","provider_name":"registry.terraform.io/hashicorp/aws","change":{"actions":["create"],"before":null,"after":{"deregistration_delay":"10","health_check":[{"enabled":true,"healthy_threshold":2,"interval":30,"matcher":"200-399","path":"/","port":"traffic-port","protocol":"HTTP","timeout":5,"unhealthy_threshold":2}],"lambda_multi_value_headers_enabled":false,"name_prefix":"app-","port":3000,"protocol":"HTTP","proxy_protocol_v2":false,"region":"us-east-1","slow_start":0,"tags":null,"tags_all":{"Managed":"terraform","Project":"hello-world"},"target_control_port":null,"target_type":"ip"},"after_unknown":{"arn":true,"arn_suffix":true,"connection_termination":true,"health_check":[{}],"id":true,"ip_address_type":true,"load_balancer_arns":true,"load_balancing_algorithm_type":true,"load_balancing_anomaly_mitigation":true,"load_balancing_cross_zone_enabled":true,"name":true,"preserve_client_ip":true,"protocol_version":true,"stickiness":true,"tags_all":{},"target_failover":true,"target_group_health":true,"target_health_state":true,"vpc_id":true},"before_sensitive":false,"after_sensitive":{"health_check":[{}],"load_balancer_arns":[],"stickiness":[],"tags_all":{},"target_failover":[],"target_group_health":[],"target_health_state":[]},"after_identity":{"arn":null}}},{"address":"module.alb.aws_security_group.this[0]","module_address":"module.alb","mode":"managed","type":"aws_security_group","name":"this","index":0,"provider_name":"registry.terraform.io/hashicorp/aws","change":{"actions":["create"],"before":null,"after":{"description":"Security group for hello-world application load balancer","name_prefix":"hello-world-","region":"us-east-1","revoke_rules_on_delete":false,"tags":null,"tags_all":{"Managed":"terraform","Project":"hello-world"},"timeouts":null},"after_unknown":{"arn":true,"egress":true,"id":true,"ingress":true,"name":true,"owner_id":true,"tags_all":{},"vpc_id":true},"before_sensitive":false,"after_sensitive":{"egress":[],"ingress":[],"tags_all":{}},"after_identity":{"account_id":null,"id":null,"region":null}}},{"address":"module.vpc.aws_default_network_acl.this[0]","module_address":"module.vpc","mode":"managed","type":"aws_default_network_acl","name":"this","index":0,"provider_name":"registry.terraform.io/hashicorp/aws","change":{"actions":["create"],"before":null,"after":{"egress":[{"action":"allow","cidr_block":"","from_port":0,"icmp_code":null,"icmp_type":null,"ipv6_cidr_block":"::/0","protocol":"-1","rule_no":101,"to_port":0},{"action":"allow","cidr_block":"0.0.0.0/0","from_port":0,"icmp_code":null,"icmp_type":null,"ipv6_cidr_block":"","protocol":"-1","rule_no":100,"to_port":0}],"ingress":[{"action":"allow","cidr_block":"","from_port":0,"icmp_code":null,"icmp_type":null,"ipv6_cidr_block":"::/0","protocol":"-1","rule_no":101,"to_port":0},{"action":"allow","cidr_block":"0.0.0.0/0","from_port":0,"icmp_code":null,"icmp_type":null,"ipv6_cidr_block":"","protocol":"-1","rule_no":100,"to_port":0}],"region":"us-east-1","subnet_ids":null,"tags":{"Name":"hello-world-default"},"tags_all":{"Managed":"terraform","Name":"hello-world-default","Project":"hello-world"}},"after_unknown":{"arn":true,"default_network_acl_id":true,"egress":[{},{}],"id":true,"ingress":[{},{}],"owner_id":true,"tags":{},"tags_all":{},"vpc_id":true},"before_sensitive":false,"after_sensitive":{"egress":[{},{}],"ingress":[{},{}],"tags":{},"tags_all":{}}}},{"address":"module.vpc.aws_default_route_table.default[0]","module_address":"module.vpc","mode":"managed","type":"aws_default_route_table","name":"default","index":0,"provider_name":"registry.terraform.io/hashicorp/aws","change":{"actions":["create"],"before":null,"after":{"propagating_vgws":null,"region":"us-east-1","tags":{"Name":"hello-world-default"},"tags_all":{"Managed":"terraform","Name":"hello-world-default","Project":"hello-world"},"timeouts":{"create":"5m","update":"5m"}},"after_unknown":{"arn":true,"default_route_table_id":true,"id":true,"owner_id":true,"route":true,"tags":{},"tags_all":{},"timeouts":{},"vpc_id":true},"before_sensitive":false,"after_sensitive":{"route":[],"tags":{},"tags_all":{},"timeouts":{}}}},{"address":"module.vpc.aws_default_security_group.this[0]","module_address":"module.vpc","mode":"managed","type":"aws_default_security_group","name":"this","index":0,"provider_name":"registry.terraform.io/hashicorp/aws","change":{"actions":["create"],"before":null,"after":{"region":"us-east-1","revoke_rules_on_delete":false,"tags":{"Name":"hello-world-default"},"tags_all":{"Managed":"terraform","Name":"hello-world-default","Project":"hello-world"}},"after_unknown":{"arn":true,"description":true,"egress":true,"id":true,"ingress":true,"name":true,"name_prefix":true,"owner_id":true,"tags":{},"tags_all":{},"vpc_id":true},"before_sensitive":false,"after_sensitive":{"egress":[],"ingress":[],"tags":{},"tags_all":{}}}},{"address":"module.vpc.aws_eip.nat[0]","module_address":"module.vpc","mode":"managed","type":"aws_eip","name":"nat","index":0,"provider_name":"registry.terraform.io/hashicorp/aws","change":{"actions":["create"],"before":null,"after":{"address":null,"associate_with_private_ip":null,"customer_owned_ipv4_pool":null,"domain":"vpc","region":"us-east-1","tags":{"Name":"hello-world-us-east-1a"},"tags_all":{"Managed":"terraform","Name":"hello-world-us-east-1a","Project":"hello-world"},"timeouts":null},"after_unknown":{"allocation_id":true,"arn":true,"association_id":true,"carrier_ip":true,"customer_owned_ip":true,"id":true,"instance":true,"ipam_pool_id":true,"network_border_group":true,"network_interface":true,"private_dns":true,"private_ip":true,"ptr_record":true,"public_dns":true,"public_ip":true,"public_ipv4_pool":true,"tags":{},"tags_all":{}},"before_sensitive":false,"after_sensitive":{"tags":{},"tags_all":{}}}},{"address":"module.vpc.aws_eip.nat[1]","module_address":"module.vpc","mode":"managed","type":"aws_eip","name":"nat","index":1,"provider_name":"registry.terraform.io/hashicorp/aws","change":{"actions":["create"],"before":null,"after":{"address":null,"associate_with_private_ip":null,"customer_owned_ipv4_pool":null,"domain":"vpc","region":"us-east-1","tags":{"Name":"hello-world-us-east-1b"},"tags_all":{"Managed":"terraform","Name":"hello-world-us-east-1b","Project":"hello-world"},"timeouts":null},"after_unknown":{"allocation_id":true,"arn":true,"association_id":true,"carrier_ip":true,"customer_owned_ip":true,"id":true,"instance":true,"ipam_pool_id":true,"network_border_group":true,"network_interface":true,"private_dns":true,"private_ip":true,"ptr_record":true,"public_dns":true,"public_ip":true,"public_ipv4_pool":true,"tags":{},"tags_all":{}},"before_sensitive":false,"after_sensitive":{"tags":{},"tags_all":{}}}},{"address":"module.vpc.aws_internet_gateway.this[0]","module_address":"module.vpc","mode":"managed","type":"aws_internet_gateway","name":"this","index":0,"provider_name":"registry.terraform.io/hashicorp/aws","change":{"actions":["create"],"before":null,"after":{"region":"us-east-1","tags":{"Name":"hello-world"},"tags_all":{"Managed":"terraform","Name":"hello-world","Project":"hello-world"},"timeouts":null},"after_unknown":{"arn":true,"id":true,"owner_id":true,"tags":{},"tags_all":{},"vpc_id":true},"before_sensitive":false,"after_sensitive":{"tags":{},"tags_all":{}}}},{"address":"module.vpc.aws_nat_gateway.this[0]","module_address":"module.vpc","mode":"managed","type":"aws_nat_gateway","name":"this","index":0,"provider_name":"registry.terraform.io/hashicorp/aws","change":{"actions":["create"],"before":null,"after":{"availability_zone_address":[],"connectivity_type":"public","region":"us-east-1","tags":{"Name":"hello-world-us-east-1a"},"tags_all":{"Managed":"terraform","Name":"hello-world-us-east-1a","Project":"hello-world"},"timeouts":null},"after_unknown":{"allocation_id":true,"association_id":true,"auto_provision_zones":true,"auto_scaling_ips":true,"availability_mode":true,"availability_zone_address":[],"id":true,"network_interface_id":true,"private_ip":true,"public_ip":true,"regional_nat_gateway_address":true,"regional_nat_gateway_auto_mode":true,"route_table_id":true,"secondary_allocation_ids":true,"secondary_private_ip_address_count":true,"secondary_private_ip_addresses":true,"subnet_id":true,"tags":{},"tags_all":{},"vpc_id":true},"before_sensitive":false,"after_sensitive":{"availability_zone_address":[],"regional_nat_gateway_address":[],"secondary_allocation_ids":[],"secondary_private_ip_addresses":[],"tags":{},"tags_all":{}}}},{"address":"module.vpc.aws_nat_gateway.this[1]","module_address":"module.vpc","mode":"managed","type":"aws_nat_gateway","name":"this","index":1,"provider_name":"registry.terraform.io/hashicorp/aws","change":{"actions":["create"],"before":null,"after":{"availability_zone_address":[],"connectivity_type":"public","region":"us-east-1","tags":{"Name":"hello-world-us-east-1b"},"tags_all":{"Managed":"terraform","Name":"hello-world-us-east-1b","Project":"hello-world"},"timeouts":null},"after_unknown":{"allocation_id":true,"association_id":true,"auto_provision_zones":true,"auto_scaling_ips":true,"availability_mode":true,"availability_zone_address":[],"id":true,"network_interface_id":true,"private_ip":true,"public_ip":true,"regional_nat_gateway_address":true,"regional_nat_gateway_auto_mode":true,"route_table_id":true,"secondary_allocation_ids":true,"secondary_private_ip_address_count":true,"secondary_private_ip_addresses":true,"subnet_id":true,"tags":{},"tags_all":{},"vpc_id":true},"before_sensitive":false,"after_sensitive":{"availability_zone_address":[],"regional_nat_gateway_address":[],"secondary_allocation_ids":[],"secondary_private_ip_addresses":[],"tags":{},"tags_all":{}}}},{"address":"module.vpc.aws_route.private_nat_gateway[0]","module_address":"module.vpc","mode":"managed","type":"aws_route","name":"private_nat_gateway","index":0,"provider_name":"registry.terraform.io/hashicorp/aws","change":{"actions":["create"],"before":null,"after":{"carrier_gateway_id":null,"core_network_arn":null,"destination_cidr_block":"0.0.0.0/0","destination_ipv6_cidr_block":null,"destination_prefix_list_id":null,"egress_only_gateway_id":null,"gateway_id":null,"local_gateway_id":null,"region":"us-east-1","timeouts":{"create":"5m","delete":null,"update":null},"transit_gateway_id":null,"vpc_endpoint_id":null,"vpc_peering_connection_id":null},"after_unknown":{"id":true,"instance_id":true,"instance_owner_id":true,"nat_gateway_id":true,"network_interface_id":true,"origin":true,"route_table_id":true,"state":true,"timeouts":{}},"before_sensitive":false,"after_sensitive":{"timeouts":{}},"after_identity":{"account_id":null,"destination_cidr_block":null,"destination_ipv6_cidr_block":null,"destination_prefix_list_id":null,"region":null,"route_table_id":null}}},{"address":"module.vpc.aws_route.private_nat_gateway[1]","module_address":"module.vpc","mode":"managed","type":"aws_route","name":"private_nat_gateway","index":1,"provider_name":"registry.terraform.io/hashicorp/aws","change":{"actions":["create"],"before":null,"after":{"carrier_gateway_id":null,"core_network_arn":null,"destination_cidr_block":"0.0.0.0/0","destination_ipv6_cidr_block":null,"destination_prefix_list_id":null,"egress_only_gateway_id":null,"gateway_id":null,"local_gateway_id":null,"region":"us-east-1","timeouts":{"create":"5m","delete":null,"update":null},"transit_gateway_id":null,"vpc_endpoint_id":null,"vpc_peering_connection_id":null},"after_unknown":{"id":true,"instance_id":true,"instance_owner_id":true,"nat_gateway_id":true,"network_interface_id":true,"origin":true,"route_table_id":true,"state":true,"timeouts":{}},"before_sensitive":false,"after_sensitive":{"timeouts":{}},"after_identity":{"account_id":null,"destination_cidr_block":null,"destination_ipv6_cidr_block":null,"destination_prefix_list_id":null,"region":null,"route_table_id":null}}},{"address":"module.vpc.aws_route.public_internet_gateway[0]","module_address":"module.vpc","mode":"managed","type":"aws_route","name":"public_internet_gateway","index":0,"provider_name":"registry.terraform.io/hashicorp/aws","change":{"actions":["create"],"before":null,"after":{"carrier_gateway_id":null,"core_network_arn":null,"destination_cidr_block":"0.0.0.0/0","destination_ipv6_cidr_block":null,"destination_prefix_list_id":null,"egress_only_gateway_id":null,"local_gateway_id":null,"nat_gateway_id":null,"region":"us-east-1","timeouts":{"create":"5m","delete":null,"update":null},"transit_gateway_id":null,"vpc_endpoint_id":null,"vpc_peering_connection_id":null},"after_unknown":{"gateway_id":true,"id":true,"instance_id":true,"instance_owner_id":true,"network_interface_id":true,"origin":true,"route_table_id":true,"state":true,"timeouts":{}},"before_sensitive":false,"after_sensitive":{"timeouts":{}},"after_identity":{"account_id":null,"destination_cidr_block":null,"destination_ipv6_cidr_block":null,"destination_prefix_list_id":null,"region":null,"route_table_id":null}}},{"address":"module.vpc.aws_route_table.private[0]","module_address":"module.vpc","mode":"managed","type":"aws_route_table","name":"private","index":0,"provider_name":"registry.terraform.io/hashicorp/aws","change":{"actions":["create"],"before":null,"after":{"region":"us-east-1","tags":{"Name":"hello-world-private-us-east-1a"},"tags_all":{"Managed":"terraform","Name":"hello-world-private-us-east-1a","Project":"hello-world"},"timeouts":null},"after_unknown":{"arn":true,"id":true,"owner_id":true,"propagating_vgws":true,"route":true,"tags":{},"tags_all":{},"vpc_id":true},"before_sensitive":false,"after_sensitive":{"propagating_vgws":[],"route":[],"tags":{},"tags_all":{}},"after_identity":{"account_id":null,"id":null,"region":null}}},{"address":"module.vpc.aws_route_table.private[1]","module_address":"module.vpc","mode":"managed","type":"aws_route_table","name":"private","index":1,"provider_name":"registry.terraform.io/hashicorp/aws","change":{"actions":["create"],"before":null,"after":{"region":"us-east-1","tags":{"Name":"hello-world-private-us-east-1b"},"tags_all":{"Managed":"terraform","Name":"hello-world-private-us-east-1b","Project":"hello-world"},"timeouts":null},"after_unknown":{"arn":true,"id":true,"owner_id":true,"propagating_vgws":true,"route":true,"tags":{},"tags_all":{},"vpc_id":true},"before_sensitive":false,"after_sensitive":{"propagating_vgws":[],"route":[],"tags":{},"tags_all":{}},"after_identity":{"account_id":null,"id":null,"region":null}}},{"address":"module.vpc.aws_route_table.public[0]","module_address":"module.vpc","mode":"managed","type":"aws_route_table","name":"public","index":0,"provider_name":"registry.terraform.io/hashicorp/aws","change":{"actions":["create"],"before":null,"after":{"region":"us-east-1","tags":{"Name":"hello-world-public"},"tags_all":{"Managed":"terraform","Name":"hello-world-public","Project":"hello-world"},"timeouts":null},"after_unknown":{"arn":true,"id":true,"owner_id":true,"propagating_vgws":true,"route":true,"tags":{},"tags_all":{},"vpc_id":true},"before_sensitive":false,"after_sensitive":{"propagating_vgws":[],"route":[],"tags":{},"tags_all":{}},"after_identity":{"account_id":null,"id":null,"region":null}}},{"address":"module.vpc.aws_route_table_association.private[0]","module_address":"module.vpc","mode":"managed","type":"aws_route_table_association","name":"private","index":0,"provider_name":"registry.terraform.io/hashicorp/aws","change":{"actions":["create"],"before":null,"after":{"gateway_id":null,"region":"us-east-1","timeouts":null},"after_unknown":{"id":true,"route_table_id":true,"subnet_id":true},"before_sensitive":false,"after_sensitive":{}}},{"address":"module.vpc.aws_route_table_association.private[1]","module_address":"module.vpc","mode":"managed","type":"aws_route_table_association","name":"private","index":1,"provider_name":"registry.terraform.io/hashicorp/aws","change":{"actions":["create"],"before":null,"after":{"gateway_id":null,"region":"us-east-1","timeouts":null},"after_unknown":{"id":true,"route_table_id":true,"subnet_id":true},"before_sensitive":false,"after_sensitive":{}}},{"address":"module.vpc.aws_route_table_association.public[0]","module_address":"module.vpc","mode":"managed","type":"aws_route_table_association","name":"public","index":0,"provider_name":"registry.terraform.io/hashicorp/aws","change":{"actions":["create"],"before":null,"after":{"gateway_id":null,"region":"us-east-1","timeouts":null},"after_unknown":{"id":true,"route_table_id":true,"subnet_id":true},"before_sensitive":false,"after_sensitive":{}}},{"address":"module.vpc.aws_route_table_association.public[1]","module_address":"module.vpc","mode":"managed","type":"aws_route_table_association","name":"public","index":1,"provider_name":"registry.terraform.io/hashicorp/aws","change":{"actions":["create"],"before":null,"after":{"gateway_id":null,"region":"us-east-1","timeouts":null},"after_unknown":{"id":true,"route_table_id":true,"subnet_id":true},"before_sensitive":false,"after_sensitive":{}}},{"address":"module.vpc.aws_subnet.private[0]","module_address":"module.vpc","mode":"managed","type":"aws_subnet","name":"private","index":0,"provider_name":"registry.terraform.io/hashicorp/aws","change":{"actions":["create"],"before":null,"after":{"assign_ipv6_address_on_creation":false,"availability_zone":"us-east-1a","cidr_block":"10.0.10.0/24","customer_owned_ipv4_pool":null,"enable_dns64":false,"enable_lni_at_device_index":null,"enable_resource_name_dns_a_record_on_launch":false,"enable_resource_name_dns_aaaa_record_on_launch":false,"ipv6_cidr_block":null,"ipv6_native":false,"map_customer_owned_ip_on_launch":null,"map_public_ip_on_launch":false,"outpost_arn":null,"region":"us-east-1","tags":{"Name":"hello-world-private-us-east-1a"},"tags_all":{"Managed":"terraform","Name":"hello-world-private-us-east-1a","Project":"hello-world"},"timeouts":null},"after_unknown":{"arn":true,"availability_zone_id":true,"id":true,"ipv6_cidr_block_association_id":true,"owner_id":true,"private_dns_hostname_type_on_launch":true,"tags":{},"tags_all":{},"vpc_id":true},"before_sensitive":false,"after_sensitive":{"tags":{},"tags_all":{}},"after_identity":{"account_id":null,"id":null,"region":null}}},{"address":"module.vpc.aws_subnet.private[1]","module_address":"module.vpc","mode":"managed","type":"aws_subnet","name":"private","index":1,"provider_name":"registry.terraform.io/hashicorp/aws","change":{"actions":["create"],"before":null,"after":{"assign_ipv6_address_on_creation":false,"availability_zone":"us-east-1b","cidr_block":"10.0.11.0/24","customer_owned_ipv4_pool":null,"enable_dns64":false,"enable_lni_at_device_index":null,"enable_resource_name_dns_a_record_on_launch":false,"enable_resource_name_dns_aaaa_record_on_launch":false,"ipv6_cidr_block":null,"ipv6_native":false,"map_customer_owned_ip_on_launch":null,"map_public_ip_on_launch":false,"outpost_arn":null,"region":"us-east-1","tags":{"Name":"hello-world-private-us-east-1b"},"tags_all":{"Managed":"terraform","Name":"hello-world-private-us-east-1b","Project":"hello-world"},"timeouts":null},"after_unknown":{"arn":true,"availability_zone_id":true,"id":true,"ipv6_cidr_block_association_id":true,"owner_id":true,"private_dns_hostname_type_on_launch":true,"tags":{},"tags_all":{},"vpc_id":true},"before_sensitive":false,"after_sensitive":{"tags":{},"tags_all":{}},"after_identity":{"account_id":null,"id":null,"region":null}}},{"address":"module.vpc.aws_subnet.public[0]","module_address":"module.vpc","mode":"managed","type":"aws_subnet","name":"public","index":0,"provider_name":"registry.terraform.io/hashicorp/aws","change":{"actions":["create"],"before":null,"after":{"assign_ipv6_address_on_creation":false,"availability_zone":"us-east-1a","cidr_block":"10.0.0.0/24","customer_owned_ipv4_pool":null,"enable_dns64":false,"enable_lni_at_device_index":null,"enable_resource_name_dns_a_record_on_launch":false,"enable_resource_name_dns_aaaa_record_on_launch":false,"ipv6_cidr_block":null,"ipv6_native":false,"map_customer_owned_ip_on_launch":null,"map_public_ip_on_launch":false,"outpost_arn":null,"region":"us-east-1","tags":{"Name":"hello-world-public-us-east-1a"},"tags_all":{"Managed":"terraform","Name":"hello-world-public-us-east-1a","Project":"hello-world"},"timeouts":null},"after_unknown":{"arn":true,"availability_zone_id":true,"id":true,"ipv6_cidr_block_association_id":true,"owner_id":true,"private_dns_hostname_type_on_launch":true,"tags":{},"tags_all":{},"vpc_id":true},"before_sensitive":false,"after_sensitive":{"tags":{},"tags_all":{}},"after_identity":{"account_id":null,"id":null,"region":null}}},{"address":"module.vpc.aws_subnet.public[1]","module_address":"module.vpc","mode":"managed","type":"aws_subnet","name":"public","index":1,"provider_name":"registry.terraform.io/hashicorp/aws","change":{"actions":["create"],"before":null,"after":{"assign_ipv6_address_on_creation":false,"availability_zone":"us-east-1b","cidr_block":"10.0.1.0/24","customer_owned_ipv4_pool":null,"enable_dns64":false,"enable_lni_at_device_index":null,"enable_resource_name_dns_a_record_on_launch":false,"enable_resource_name_dns_aaaa_record_on_launch":false,"ipv6_cidr_block":null,"ipv6_native":false,"map_customer_owned_ip_on_launch":null,"map_public_ip_on_launch":false,"outpost_arn":null,"region":"us-east-1","tags":{"Name":"hello-world-public-us-east-1b"},"tags_all":{"Managed":"terraform","Name":"hello-world-public-us-east-1b","Project":"hello-world"},"timeouts":null},"after_unknown":{"arn":true,"availability_zone_id":true,"id":true,"ipv6_cidr_block_association_id":true,"owner_id":true,"private_dns_hostname_type_on_launch":true,"tags":{},"tags_all":{},"vpc_id":true},"before_sensitive":false,"after_sensitive":{"tags":{},"tags_all":{}},"after_identity":{"account_id":null,"id":null,"region":null}}},{"address":"module.vpc.aws_vpc.this[0]","module_address":"module.vpc","mode":"managed","type":"aws_vpc","name":"this","index":0,"provider_name":"registry.terraform.io/hashicorp/aws","change":{"actions":["create"],"before":null,"after":{"assign_generated_ipv6_cidr_block":null,"cidr_block":"10.0.0.0/16","enable_dns_hostnames":true,"enable_dns_support":true,"instance_tenancy":"default","ipv4_ipam_pool_id":null,"ipv4_netmask_length":null,"ipv6_ipam_pool_id":null,"ipv6_netmask_length":null,"region":"us-east-1","tags":{"Name":"hello-world"},"tags_all":{"Managed":"terraform","Name":"hello-world","Project":"hello-world"}},"after_unknown":{"arn":true,"default_network_acl_id":true,"default_route_table_id":true,"default_security_group_id":true,"dhcp_options_id":true,"enable_network_address_usage_metrics":true,"id":true,"ipv6_association_id":true,"ipv6_cidr_block":true,"ipv6_cidr_block_network_border_group":true,"main_route_table_id":true,"owner_id":true,"tags":{},"tags_all":{}},"before_sensitive":false,"after_sensitive":{"tags":{},"tags_all":{}},"after_identity":{"account_id":null,"id":null,"region":null}}},{"address":"module.ecs.module.cluster.aws_cloudwatch_log_group.this[0]","module_address":"module.ecs.module.cluster","mode":"managed","type":"aws_cloudwatch_log_group","name":"this","index":0,"provider_name":"registry.terraform.io/hashicorp/aws","change":{"actions":["create"],"before":null,"after":{"kms_key_id":null,"name":"/aws/ecs/hello-world","region":"us-east-1","retention_in_days":90,"skip_destroy":false,"tags":{"Name":"/aws/ecs/hello-world"},"tags_all":{"Managed":"terraform","Name":"/aws/ecs/hello-world","Project":"hello-world"}},"after_unknown":{"arn":true,"deletion_protection_enabled":true,"id":true,"log_group_class":true,"name_prefix":true,"tags":{},"tags_all":{}},"before_sensitive":false,"after_sensitive":{"tags":{},"tags_all":{}},"after_identity":{"account_id":null,"name":null,"region":null}}},{"address":"module.ecs.module.cluster.aws_ecs_cluster.this[0]","module_address":"module.ecs.module.cluster","mode":"managed","type":"aws_ecs_cluster","name":"this","index":0,"provider_name":"registry.terraform.io/hashicorp/aws","change":{"actions":["create"],"before":null,"after":{"configuration":[{"execute_command_configuration":[{"kms_key_id":null,"log_configuration":[{"cloud_watch_encryption_enabled":null,"cloud_watch_log_group_name":"/aws/ecs/hello-world","s3_bucket_encryption_enabled":null,"s3_bucket_name":null,"s3_key_prefix":null}],"logging":"OVERRIDE"}],"managed_storage_configuration":[]}],"name":"hello-world","region":"us-east-1","service_connect_defaults":[],"setting":[{"name":"containerInsights","value":"enabled"}],"tags":null,"tags_all":{"Managed":"terraform","Project":"hello-world"}},"after_unknown":{"arn":true,"configuration":[{"execute_command_configuration":[{"log_configuration":[{}]}],"managed_storage_configuration":[]}],"id":true,"service_connect_defaults":[],"setting":[{}],"tags_all":{}},"before_sensitive":false,"after_sensitive":{"configuration":[{"execute_command_configuration":[{"log_configuration":[{}]}],"managed_storage_configuration":[]}],"service_connect_defaults":[],"setting":[{}],"tags_all":{}}}},{"address":"module.ecs.module.cluster.aws_ecs_cluster_capacity_providers.this[0]","module_address":"module.ecs.module.cluster","mode":"managed","type":"aws_ecs_cluster_capacity_providers","name":"this","index":0,"provider_name":"registry.terraform.io/hashicorp/aws","change":{"actions":["create"],"before":null,"after":{"capacity_providers":null,"cluster_name":"hello-world","default_capacity_provider_strategy":[{"base":1,"capacity_provider":"FARGATE","weight":1}],"region":"us-east-1"},"after_unknown":{"default_capacity_provider_strategy":[{}],"id":true},"before_sensitive":false,"after_sensitive":{"default_capacity_provider_strategy":[{}]}}},{"address":"module.ecs.module.cluster.time_sleep.this[0]","module_address":"module.ecs.module.cluster","mode":"managed","type":"time_sleep","name":"this","index":0,"provider_name":"registry.terraform.io/hashicorp/time","change":{"actions":["create"],"before":null,"after":{"create_duration":"20s","destroy_duration":null,"triggers":{"capacity_provider_names":"","capacity_providers":""}},"after_unknown":{"id":true,"triggers":{}},"before_sensitive":false,"after_sensitive":{"triggers":{}}}},{"address":"module.ecs.module.service[\"app\"].data.aws_subnet.this[0]","module_address":"module.ecs.module.service[\"app\"]","mode":"data","type":"aws_subnet","name":"this","index":0,"provider_name":"registry.terraform.io/hashicorp/aws","change":{"actions":["read"],"before":null,"after":{"filter":[],"timeouts":null},"after_unknown":{"arn":true,"assign_ipv6_address_on_creation":true,"availability_zone":true,"availability_zone_id":true,"available_ip_address_count":true,"cidr_block":true,"customer_owned_ipv4_pool":true,"default_for_az":true,"enable_dns64":true,"enable_lni_at_device_index":true,"enable_resource_name_dns_a_record_on_launch":true,"enable_resource_name_dns_aaaa_record_on_launch":true,"filter":[],"id":true,"ipv6_cidr_block":true,"ipv6_cidr_block_association_id":true,"ipv6_native":true,"map_customer_owned_ip_on_launch":true,"map_public_ip_on_launch":true,"outpost_arn":true,"owner_id":true,"private_dns_hostname_type_on_launch":true,"region":true,"state":true,"tags":true,"vpc_id":true},"before_sensitive":false,"after_sensitive":{"filter":[],"tags":{}}},"action_reason":"read_because_config_unknown"},{"address":"module.ecs.module.service[\"app\"].aws_appautoscaling_policy.this[\"cpu\"]","module_address":"module.ecs.module.service[\"app\"]","mode":"managed","type":"aws_appautoscaling_policy","name":"this","index":"cpu","provider_name":"registry.terraform.io/hashicorp/aws","change":{"actions":["create"],"before":null,"after":{"name":"cpu","policy_type":"TargetTrackingScaling","predictive_scaling_policy_configuration":[],"region":"us-east-1","scalable_dimension":"ecs:service:DesiredCount","service_namespace":"ecs","step_scaling_policy_configuration":[],"target_tracking_scaling_policy_configuration":[{"customized_metric_specification":[],"disable_scale_in":false,"predefined_metric_specification":[{"predefined_metric_type":"ECSServiceAverageCPUUtilization","resource_label":null}],"scale_in_cooldown":300,"scale_out_cooldown":60,"target_value":75}]},"after_unknown":{"alarm_arns":true,"arn":true,"id":true,"predictive_scaling_policy_configuration":[],"resource_id":true,"step_scaling_policy_configuration":[],"target_tracking_scaling_policy_configuration":[{"customized_metric_specification":[],"predefined_metric_specification":[{}]}]},"before_sensitive":false,"after_sensitive":{"alarm_arns":[],"predictive_scaling_policy_configuration":[],"step_scaling_policy_configuration":[],"target_tracking_scaling_policy_configuration":[{"customized_metric_specification":[],"predefined_metric_specification":[{}]}]}}},{"address":"module.ecs.module.service[\"app\"].aws_appautoscaling_policy.this[\"memory\"]","module_address":"module.ecs.module.service[\"app\"]","mode":"managed","type":"aws_appautoscaling_policy","name":"this","index":"memory","provider_name":"registry.terraform.io/hashicorp/aws","change":{"actions":["create"],"before":null,"after":{"name":"memory","policy_type":"TargetTrackingScaling","predictive_scaling_policy_configuration":[],"region":"us-east-1","scalable_dimension":"ecs:service:DesiredCount","service_namespace":"ecs","step_scaling_policy_configuration":[],"target_tracking_scaling_policy_configuration":[{"customized_metric_specification":[],"disable_scale_in":false,"predefined_metric_specification":[{"predefined_metric_type":"ECSServiceAverageMemoryUtilization","resource_label":null}],"scale_in_cooldown":300,"scale_out_cooldown":60,"target_value":75}]},"after_unknown":{"alarm_arns":true,"arn":true,"id":true,"predictive_scaling_policy_configuration":[],"resource_id":true,"step_scaling_policy_configuration":[],"target_tracking_scaling_policy_configuration":[{"customized_metric_specification":[],"predefined_metric_specification":[{}]}]},"before_sensitive":false,"after_sensitive":{"alarm_arns":[],"predictive_scaling_policy_configuration":[],"step_scaling_policy_configuration":[],"target_tracking_scaling_policy_configuration":[{"customized_metric_specification":[],"predefined_metric_specification":[{}]}]}}},{"address":"module.ecs.module.service[\"app\"].aws_appautoscaling_target.this[0]","module_address":"module.ecs.module.service[\"app\"]","mode":"managed","type":"aws_appautoscaling_target","name":"this","index":0,"provider_name":"registry.terraform.io/hashicorp/aws","change":{"actions":["create"],"before":null,"after":{"max_capacity":10,"min_capacity":1,"region":"us-east-1","scalable_dimension":"ecs:service:DesiredCount","service_namespace":"ecs","tags":null,"tags_all":{"Managed":"terraform","Project":"hello-world"}},"after_unknown":{"arn":true,"id":true,"resource_id":true,"role_arn":true,"suspended_state":true,"tags_all":{}},"before_sensitive":false,"after_sensitive":{"suspended_state":[],"tags_all":{}}}},{"address":"module.ecs.module.service[\"app\"].aws_ecs_service.this[0]","module_address":"module.ecs.module.service[\"app\"]","mode":"managed","type":"aws_ecs_service","name":"this","index":0,"provider_name":"registry.terraform.io/hashicorp/aws","change":{"actions":["create"],"before":null,"after":{"alarms":[],"capacity_provider_strategy":[],"deployment_circuit_breaker":[],"deployment_controller":[],"deployment_maximum_percent":200,"deployment_minimum_healthy_percent":66,"desired_count":2,"enable_ecs_managed_tags":true,"enable_execute_command":true,"force_delete":null,"force_new_deployment":true,"health_check_grace_period_seconds":null,"launch_type":"FARGATE","load_balancer":[{"advanced_configuration":[],"container_name":"app","container_port":3000,"elb_name":""}],"name":"app","network_configuration":[{"assign_public_ip":false}],"ordered_placement_strategy":[],"placement_constraints":[],"propagate_tags":null,"region":"us-east-1","scheduling_strategy":"REPLICA","service_connect_configuration":[],"service_registries":[],"sigint_rollback":null,"tags":null,"tags_all":{"Managed":"terraform","Project":"hello-world"},"timeouts":null,"volume_configuration":[],"vpc_lattice_configurations":[],"wait_for_steady_state":false},"after_unknown":{"alarms":[],"arn":true,"availability_zone_rebalancing":true,"capacity_provider_strategy":[],"cluster":true,"deployment_circuit_breaker":[],"deployment_configuration":true,"deployment_controller":[],"iam_role":true,"id":true,"load_balancer":[{"advanced_configuration":[],"target_group_arn":true}],"network_configuration":[{"security_groups":true,"subnets":true}],"ordered_placement_strategy":[],"placement_constraints":[],"platform_version":true,"service_connect_configuration":[],"service_registries":[],"tags_all":{},"task_definition":true,"triggers":true,"volume_configuration":[],"vpc_lattice_configurations":[]},"before_sensitive":false,"after_sensitive":{"alarms":[],"capacity_provider_strategy":[],"deployment_circuit_breaker":[],"deployment_configuration":[],"deployment_controller":[],"load_balancer":[{"advanced_configuration":[]}],"network_configuration":[{"security_groups":[],"subnets":[]}],"ordered_placement_strategy":[],"placement_constraints":[],"service_connect_configuration":[],"service_registries":[],"tags_all":{},"triggers":{},"volume_configuration":[],"vpc_lattice_configurations":[]}}},{"address":"module.ecs.module.service[\"app\"].aws_ecs_task_definition.this[0]","module_address":"module.ecs.module.service[\"app\"]","mode":"managed","type":"aws_ecs_task_definition","name":"this","index":0,"provider_name":"registry.terraform.io/hashicorp/aws","change":{"actions":["create"],"before":null,"after":{"container_definitions":"[{\"essential\":true,\"image\":\"000000000000.dkr.ecr.us-east-1.amazonaws.com/ptapp2:latest\",\"interactive\":false,\"linuxParameters\":{\"initProcessEnabled\":true},\"logConfiguration\":{\"logDriver\":\"awslogs\",\"options\":{\"awslogs-group\":\"/aws/ecs/app/app\",\"awslogs-region\":\"us-east-1\",\"awslogs-stream-prefix\":\"ecs\"}},\"mountPoints\":[],\"name\":\"app\",\"portMappings\":[],\"privileged\":false,\"pseudoTerminal\":false,\"readonlyRootFilesystem\":true,\"restartPolicy\":{\"enabled\":true},\"startTimeout\":30,\"stopTimeout\":120,\"versionConsistency\":\"disabled\"}]","cpu":"256","ephemeral_storage":[],"family":"app","ipc_mode":null,"memory":"512","network_mode":"awsvpc","pid_mode":null,"placement_constraints":[],"proxy_configuration":[],"region":"us-east-1","requires_compatibilities":["FARGATE"],"runtime_platform":[{"cpu_architecture":"X86_64","operating_system_family":"LINUX"}],"skip_destroy":false,"tags":null,"tags_all":{"Managed":"terraform","Project":"hello-world"},"track_latest":true,"volume":[]},"after_unknown":{"arn":true,"arn_without_revision":true,"enable_fault_injection":true,"ephemeral_storage":[],"execution_role_arn":true,"id":true,"placement_constraints":[],"proxy_configuration":[],"requires_compatibilities":[false],"revision":true,"runtime_platform":[{}],"tags_all":{},"task_role_arn":true,"volume":[]},"before_sensitive":false,"after_sensitive":{"ephemeral_storage":[],"placement_constraints":[],"proxy_configuration":[],"requires_compatibilities":[false],"runtime_platform":[{}],"tags_all":{},"volume":[]}}},{"address":"module.ecs.module.service[\"app\"].aws_iam_policy.task_exec[0]","module_address":"module.ecs.module.service[\"app\"]","mode":"managed","type":"aws_iam_policy","name":"task_exec","index":0,"provider_name":"registry.terraform.io/hashicorp/aws","change":{"actions":["create"],"before":null,"after":{"delay_after_policy_creation_in_ms":null,"description":"Task execution role IAM policy","name_prefix":"app-task-exec-","path":"/","policy":"{\"Statement\":[{\"Action\":[\"logs:PutLogEvents\",\"logs:CreateLogStream\"],\"Effect\":\"Allow\",\"Resource\":\"*\",\"Sid\":\"Logs\"},{\"Action\":[\"ecr:GetDownloadUrlForLayer\",\"ecr:GetAuthorizationToken\",\"ecr:BatchGetImage\",\"ecr:BatchCheckLayerAvailability\"],\"Effect\":\"Allow\",\"Resource\":\"*\",\"Sid\":\"ECR\"}],\"Version\":\"2012-10-17\"}","tags":null,"tags_all":{"Managed":"terraform","Project":"hello-world"}},"after_unknown":{"arn":true,"attachment_count":true,"id":true,"name":true,"policy_id":true,"tags_all":{}},"before_sensitive":false,"after_sensitive":{"tags_all":{}},"after_identity":{"arn":null}}},{"address":"module.ecs.module.service[\"app\"].aws_iam_policy.tasks[0]","module_address":"module.ecs.module.service[\"app\"]","mode":"managed","type":"aws_iam_policy","name":"tasks","index":0,"provider_name":"registry.terraform.io/hashicorp/aws","change":{"actions":["create"],"before":null,"after":{"delay_after_policy_creation_in_ms":null,"description":"Task role IAM policy","name_prefix":"app-tasks-","path":"/","policy":"{\"Statement\":[{\"Action\":[\"ssmmessages:OpenDataChannel\",\"ssmmessages:OpenControlChannel\",\"ssmmessages:CreateDataChannel\",\"ssmmessages:CreateControlChannel\"],\"Effect\":\"Allow\",\"Resource\":\"*\",\"Sid\":\"ECSExec\"}],\"Version\":\"2012-10-17\"}","tags":null,"tags_all":{"Managed":"terraform","Project":"hello-world"}},"after_unknown":{"arn":true,"attachment_count":true,"id":true,"name":true,"policy_id":true,"tags_all":{}},"before_sensitive":false,"after_sensitive":{"tags_all":{}},"after_identity":{"arn":null}}},{"address":"module.ecs.module.service[\"app\"].aws_iam_role.task_exec[0]","module_address":"module.ecs.module.service[\"app\"]","mode":"managed","type":"aws_iam_role","name":"task_exec","index":0,"provider_name":"registry.terraform.io/hashicorp/aws","change":{"actions":["create"],"before":null,"after":{"assume_role_policy":"{\"Statement\":[{\"Action\":\"sts:AssumeRole\",\"Effect\":\"Allow\",\"Principal\":{\"Service\":\"ecs-tasks.amazonaws.com\"},\"Sid\":\"ECSTaskExecutionAssumeRole\"}],\"Version\":\"2012-10-17\"}","description":"Task execution role for app-task-exec","force_detach_policies":true,"max_session_duration":3600,"name_prefix":"app-task-exec-","path":"/","permissions_boundary":null,"tags":null,"tags_all":{"Managed":"terraform","Project":"hello-world"}},"after_unknown":{"arn":true,"create_date":true,"id":true,"inline_policy":true,"managed_policy_arns":true,"name":true,"tags_all":{},"unique_id":true},"before_sensitive":false,"after_sensitive":{"inline_policy":[],"managed_policy_arns":[],"tags_all":{}},"after_identity":{"account_id":null,"name":null}}},{"address":"module.ecs.module.service[\"app\"].aws_iam_role.tasks[0]","module_address":"module.ecs.module.service[\"app\"]","mode":"managed","type":"aws_iam_role","name":"tasks","index":0,"provider_name":"registry.terraform.io/hashicorp/aws","change":{"actions":["create"],"before":null,"after":{"assume_role_policy":"{\"Statement\":[{\"Action\":\"sts:AssumeRole\",\"Condition\":{\"ArnLike\":{\"aws:SourceArn\":\"arn:aws:ecs:us-east-1:000000000000:*\"},\"StringEquals\":{\"aws:SourceAccount\":\"000000000000\"}},\"Effect\":\"Allow\",\"Principal\":{\"Service\":\"ecs-tasks.amazonaws.com\"},\"Sid\":\"ECSTasksAssumeRole\"}],\"Version\":\"2012-10-17\"}","description":"IAM role for ECS tasks in Service app","force_detach_policies":true,"max_session_duration":3600,"name_prefix":"app-tasks-","path":"/","permissions_boundary":null,"tags":null,"tags_all":{"Managed":"terraform","Project":"hello-world"}},"after_unknown":{"arn":true,"create_date":true,"id":true,"inline_policy":true,"managed_policy_arns":true,"name":true,"tags_all":{},"unique_id":true},"before_sensitive":false,"after_sensitive":{"inline_policy":[],"managed_policy_arns":[],"tags_all":{}},"after_identity":{"account_id":null,"name":null}}},{"address":"module.ecs.module.service[\"app\"].aws_iam_role_policy_attachment.task_exec[0]","module_address":"module.ecs.module.service[\"app\"]","mode":"managed","type":"aws_iam_role_policy_attachment","name":"task_exec","index":0,"provider_name":"registry.terraform.io/hashicorp/aws","change":{"actions":["create"],"before":null,"after":{},"after_unknown":{"id":true,"policy_arn":true,"role":true},"before_sensitive":false,"after_sensitive":{},"after_identity":{"account_id":null,"policy_arn":null,"role":null}}},{"address":"module.ecs.module.service[\"app\"].aws_iam_role_policy_attachment.tasks_internal[0]","module_address":"module.ecs.module.service[\"app\"]","mode":"managed","type":"aws_iam_role_policy_attachment","name":"tasks_internal","index":0,"provider_name":"registry.terraform.io/hashicorp/aws","change":{"actions":["create"],"before":null,"after":{},"after_unknown":{"id":true,"policy_arn":true,"role":true},"before_sensitive":false,"after_sensitive":{},"after_identity":{"account_id":null,"policy_arn":null,"role":null}}},{"address":"module.ecs.module.service[\"app\"].aws_security_group.this[0]","module_address":"module.ecs.module.service[\"app\"]","mode":"managed","type":"aws_security_group","name":"this","index":0,"provider_name":"registry.terraform.io/hashicorp/aws","change":{"actions":["create"],"before":null,"after":{"description":"Security group for ECS Service app","name_prefix":"app-service-","region":"us-east-1","revoke_rules_on_delete":false,"tags":{"Name":"app-service"},"tags_all":{"Managed":"terraform","Name":"app-service","Project":"hello-world"},"timeouts":null},"after_unknown":{"arn":true,"egress":true,"id":true,"ingress":true,"name":true,"owner_id":true,"tags":{},"tags_all":{},"vpc_id":true},"before_sensitive":false,"after_sensitive":{"egress":[],"ingress":[],"tags":{},"tags_all":{}},"after_identity":{"account_id":null,"id":null,"region":null}}},{"address":"module.ecs.module.service[\"app\"].module.container_definition[\"app\"].aws_cloudwatch_log_group.this[0]","module_address":"module.ecs.module.service[\"app\"].module.container_definition[\"app\"]","mode":"managed","type":"aws_cloudwatch_log_group","name":"this","index":0,"provider_name":"registry.terraform.io/hashicorp/aws","change":{"actions":["create"],"before":null,"after":{"kms_key_id":null,"name":"/aws/ecs/app/app","region":"us-east-1","retention_in_days":14,"skip_destroy":false,"tags":null,"tags_all":{"Managed":"terraform","Project":"hello-world"}},"after_unknown":{"arn":true,"deletion_protection_enabled":true,"id":true,"log_group_class":true,"name_prefix":true,"tags_all":{}},"before_sensitive":false,"after_sensitive":{"tags_all":{}},"after_identity":{"account_id":null,"name":null,"region":null}}}],"output_changes":{"alb_dns_name":{"actions":["create"],"before":null,"after_unknown":true,"before_sensitive":false,"after_sensitive":false},"ecr_repository_url":{"actions":["create"],"before":null,"after_unknown":true,"before_sensitive":false,"after_sensitive":false},"ecs_cluster_name":{"actions":["create"],"before":null,"after":"hello-world","after_unknown":false,"before_sensitive":false,"after_sensitive":false},"ecs_service_name":{"actions":["create"],"before":null,"after":"app","after_unknown":false,"before_sensitive":false,"after_sensitive":false}},"prior_state":{"format_version":"1.0","terraform_version":"1.13.5","values":{"outputs":{"ecs_cluster_name":{"sensitive":false,"value":"hello-world","type":"string"},"ecs_service_name":{"sensitive":false,"value":"app","type":"string"}},"root_module":{"resources":[{"address":"data.aws_availability_zones.available","mode":"data","type":"aws_availability_zones","name":"available","provider_name":"registry.terraform.io/hashicorp/aws","schema_version":0,"values":{"all_availability_zones":null,"exclude_names":null,"exclude_zone_ids":null,"filter":null,"group_names":[""],"id":"us-east-1","names":["us-east-1a","us-east-1b","us-east-1c","us-east-1d","us-east-1e","us-east-1f"],"region":"us-east-1","state":"available","timeouts":null,"zone_ids":["use1-az6","use1-az1","use1-az2","use1-az4","use1-az3","use1-az5"]},"sensitive_values":{"group_names":[false],"names":[false,false,false,false,false,false],"zone_ids":[false,false,false,false,false,false]}},{"address":"data.aws_caller_identity.current","mode":"data","type":"aws_caller_identity","name":"current","provider_name":"registry.terraform.io/hashicorp/aws","schema_version":0,"values":{"account_id":"000000000000","arn":"arn:aws:iam::000000000000:root","id":"000000000000","user_id":"AKIAIOSFODNN7EXAMPLE"},"sensitive_values":{}}],"child_modules":[{"resources":[{"address":"module.alb.data.aws_partition.current[0]","mode":"data","type":"aws_partition","name":"current","index":0,"provider_name":"registry.terraform.io/hashicorp/aws","schema_version":0,"values":{"dns_suffix":"amazonaws.com","id":"aws","partition":"aws","reverse_dns_prefix":"com.amazonaws"},"sensitive_values":{}}],"address":"module.alb"},{"address":"module.ecs","child_modules":[{"resources":[{"address":"module.ecs.module.cluster.data.aws_caller_identity.current[0]","mode":"data","type":"aws_caller_identity","name":"current","index":0,"provider_name":"registry.terraform.io/hashicorp/aws","schema_version":0,"values":{"account_id":"000000000000","arn":"arn:aws:iam::000000000000:root","id":"000000000000","user_id":"AKIAIOSFODNN7EXAMPLE"},"sensitive_values":{}},{"address":"module.ecs.module.cluster.data.aws_partition.current[0]","mode":"data","type":"aws_partition","name":"current","index":0,"provider_name":"registry.terraform.io/hashicorp/aws","schema_version":0,"values":{"dns_suffix":"amazonaws.com","id":"aws","partition":"aws","reverse_dns_prefix":"com.amazonaws"},"sensitive_values":{}},{"address":"module.ecs.module.cluster.data.aws_region.current[0]","mode":"data","type":"aws_region","name":"current","index":0,"provider_name":"registry.terraform.io/hashicorp/aws","schema_version":0,"values":{"description":"US East (N. Virginia)","endpoint":"ec2.us-east-1.amazonaws.com","id":"us-east-1","name":"us-east-1","region":"us-east-1"},"sensitive_values":{}}],"address":"module.ecs.module.cluster"},{"resources":[{"address":"module.ecs.module.service[\"app\"].data.aws_caller_identity.current[0]","mode":"data","type":"aws_caller_identity","name":"current","index":0,"provider_name":"registry.terraform.io/hashicorp/aws","schema_version":0,"values":{"account_id":"000000000000","arn":"arn:aws:iam::000000000000:root","id":"000000000000","user_id":"AKIAIOSFODNN7EXAMPLE"},"sensitive_values":{}},{"address":"module.ecs.module.service[\"app\"].data.aws_iam_policy_document.task_exec[0]","mode":"data","type":"aws_iam_policy_document","name":"task_exec","index":0,"provider_name":"registry.terraform.io/hashicorp/aws","schema_version":0,"values":{"id":"1734719305","json":"{\n  \"Version\": \"2012-10-17\",\n  \"Statement\": [\n    {\n      \"Sid\": \"Logs\",\n      \"Effect\": \"Allow\",\n      \"Action\": [\n        \"logs:PutLogEvents\",\n        \"logs:CreateLogStream\"\n      ],\n      \"Resource\": \"*\"\n    },\n    {\n      \"Sid\": \"ECR\",\n      \"Effect\": \"Allow\",\n      \"Action\": [\n        \"ecr:GetDownloadUrlForLayer\",\n        \"ecr:GetAuthorizationToken\",\n        \"ecr:BatchGetImage\",\n        \"ecr:BatchCheckLayerAvailability\"\n      ],\n      \"Resource\": \"*\"\n    }\n  ]\n}","minified_json":"{\"Version\":\"2012-10-17\",\"Statement\":[{\"Sid\":\"Logs\",\"Effect\":\"Allow\",\"Action\":[\"logs:PutLogEvents\",\"logs:CreateLogStream\"],\"Resource\":\"*\"},{\"Sid\":\"ECR\",\"Effect\":\"Allow\",\"Action\":[\"ecr:GetDownloadUrlForLayer\",\"ecr:GetAuthorizationToken\",\"ecr:BatchGetImage\",\"ecr:BatchCheckLayerAvailability\"],\"Resource\":\"*\"}]}","override_json":null,"override_policy_documents":null,"policy_id":null,"source_json":null,"source_policy_documents":null,"statement":[{"actions":["logs:CreateLogStream","logs:PutLogEvents"],"condition":[],"effect":"Allow","not_actions":[],"not_principals":[],"not_resources":[],"principals":[],"resources":["*"],"sid":"Logs"},{"actions":["ecr:BatchCheckLayerAvailability","ecr:BatchGetImage","ecr:GetAuthorizationToken","ecr:GetDownloadUrlForLayer"],"condition":[],"effect":"Allow","not_actions":[],"not_principals":[],"not_resources":[],"principals":[],"resources":["*"],"sid":"ECR"}],"version":"2012-10-17"},"sensitive_values":{"statement":[{"actions":[false,false],"condition":[],"not_actions":[],"not_principals":[],"not_resources":[],"principals":[],"resources":[false]},{"actions":[false,false,false,false],"condition":[],"not_actions":[],"not_principals":[],"not_resources":[],"principals":[],"resources":[false]}]}},{"address":"module.ecs.module.service[\"app\"].data.aws_iam_policy_document.task_exec_assume[0]","mode":"data","type":"aws_iam_policy_document","name":"task_exec_assume","index":0,"provider_name":"registry.terraform.io/hashicorp/aws","schema_version":0,"values":{"id":"2291109037","json":"{\n  \"Version\": \"2012-10-17\",\n  \"Statement\": [\n    {\n      \"Sid\": \"ECSTaskExecutionAssumeRole\",\n      \"Effect\": \"Allow\",\n      \"Action\": \"sts:AssumeRole\",\n      \"Principal\": {\n        \"Service\": \"ecs-tasks.amazonaws.com\"\n      }\n    }\n  ]\n}","minified_json":"{\"Version\":\"2012-10-17\",\"Statement\":[{\"Sid\":\"ECSTaskExecutionAssumeRole\",\"Effect\":\"Allow\",\"Action\":\"sts:AssumeRole\",\"Principal\":{\"Service\":\"ecs-tasks.amazonaws.com\"}}]}","override_json":null,"override_policy_documents":null,"policy_id":null,"source_json":null,"source_policy_documents":null,"statement":[{"actions":["sts:AssumeRole"],"condition":[],"effect":"Allow","not_actions":[],"not_principals":[],"not_resources":[],"principals":[{"identifiers":["ecs-tasks.amazonaws.com"],"type":"Service"}],"resources":[],"sid":"ECSTaskExecutionAssumeRole"}],"version":"2012-10-17"},"sensitive_values":{"statement":[{"actions":[false],"condition":[],"not_actions":[],"not_principals":[],"not_resources":[],"principals":[{"identifiers":[false]}],"resources":[]}]}},{"address":"module.ecs.module.service[\"app\"].data.aws_iam_policy_document.tasks[0]","mode":"data","type":"aws_iam_policy_document","name":"tasks","index":0,"provider_name":"registry.terraform.io/hashicorp/aws","schema_version":0,"values":{"id":"757765849","json":"{\n  \"Version\": \"2012-10-17\",\n  \"Statement\": [\n    {\n      \"Sid\": \"ECSExec\",\n      \"Effect\": \"Allow\",\n      \"Action\": [\n        \"ssmmessages:OpenDataChannel\",\n        \"ssmmessages:OpenControlChannel\",\n        \"ssmmessages:CreateDataChannel\",\n        \"ssmmessages:CreateControlChannel\"\n      ],\n      \"Resource\": \"*\"\n    }\n  ]\n}","minified_json":"{\"Version\":\"2012-10-17\",\"Statement\":[{\"Sid\":\"ECSExec\",\"Effect\":\"Allow\",\"Action\":[\"ssmmessages:OpenDataChannel\",\"ssmmessages:OpenControlChannel\",\"ssmmessages:CreateDataChannel\",\"ssmmessages:CreateControlChannel\"],\"Resource\":\"*\"}]}","override_json":null,"override_policy_documents":null,"policy_id":null,"source_json":null,"source_policy_documents":null,"statement":[{"actions":["ssmmessages:CreateControlChannel","ssmmessages:CreateDataChannel","ssmmessages:OpenControlChannel","ssmmessages:OpenDataChannel"],"condition":[],"effect":"Allow","not_actions":[],"not_principals":[],"not_resources":[],"principals":[],"resources":["*"],"sid":"ECSExec"}],"version":"2012-10-17"},"sensitive_values":{"statement":[{"actions":[false,false,false,false],"condition":[],"not_actions":[],"not_principals":[],"not_resources":[],"principals":[],"resources":[false]}]}},{"address":"module.ecs.module.service[\"app\"].data.aws_iam_policy_document.tasks_assume[0]","mode":"data","type":"aws_iam_policy_document","name":"tasks_assume","index":0,"provider_name":"registry.terraform.io/hashicorp/aws","schema_version":0,"values":{"id":"3436766638","json":"{\n  \"Version\": \"2012-10-17\",\n  \"Statement\": [\n    {\n      \"Sid\": \"ECSTasksAssumeRole\",\n      \"Effect\": \"Allow\",\n      \"Action\": \"sts:AssumeRole\",\n      \"Principal\": {\n        \"Service\": \"ecs-tasks.amazonaws.com\"\n      },\n      \"Condition\": {\n        \"ArnLike\": {\n          \"aws:SourceArn\": \"arn:aws:ecs:us-east-1:000000000000:*\"\n        },\n        \"StringEquals\": {\n          \"aws:SourceAccount\": \"000000000000\"\n        }\n      }\n    }\n  ]\n}","minified_json":"{\"Version\":\"2012-10-17\",\"Statement\":[{\"Sid\":\"ECSTasksAssumeRole\",\"Effect\":\"Allow\",\"Action\":\"sts:AssumeRole\",\"Principal\":{\"Service\":\"ecs-tasks.amazonaws.com\"},\"Condition\":{\"ArnLike\":{\"aws:SourceArn\":\"arn:aws:ecs:us-east-1:000000000000:*\"},\"StringEquals\":{\"aws:SourceAccount\":\"000000000000\"}}}]}","override_json":null,"override_policy_documents":null,"policy_id":null,"source_json":null,"source_policy_documents":null,"statement":[{"actions":["sts:AssumeRole"],"condition":[{"test":"ArnLike","values":["arn:aws:ecs:us-east-1:000000000000:*"],"variable":"aws:SourceArn"},{"test":"StringEquals","values":["000000000000"],"variable":"aws:SourceAccount"}],"effect":"Allow","not_actions":[],"not_principals":[],"not_resources":[],"principals":[{"identifiers":["ecs-tasks.amazonaws.com"],"type":"Service"}],"resources":[],"sid":"ECSTasksAssumeRole"}],"version":"2012-10-17"},"sensitive_values":{"statement":[{"actions":[false],"condition":[{"values":[false]},{"values":[false]}],"not_actions":[],"not_principals":[],"not_resources":[],"principals":[{"identifiers":[false]}],"resources":[]}]}},{"address":"module.ecs.module.service[\"app\"].data.aws_partition.current[0]","mode":"data","type":"aws_partition","name":"current","index":0,"provider_name":"registry.terraform.io/hashicorp/aws","schema_version":0,"values":{"dns_suffix":"amazonaws.com","id":"aws","partition":"aws","reverse_dns_prefix":"com.amazonaws"},"sensitive_values":{}},{"address":"module.ecs.module.service[\"app\"].data.aws_region.current[0]","mode":"data","type":"aws_region","name":"current","index":0,"provider_name":"registry.terraform.io/hashicorp/aws","schema_version":0,"values":{"description":"US East (N. Virginia)","endpoint":"ec2.us-east-1.amazonaws.com","id":"us-east-1","name":"us-east-1","region":"us-east-1"},"sensitive_values":{}}],"address":"module.ecs.module.service[\"app\"]","child_modules":[{"resources":[{"address":"module.ecs.module.service[\"app\"].module.container_definition[\"app\"].data.aws_region.current","mode":"data","type":"aws_region","name":"current","provider_name":"registry.terraform.io/hashicorp/aws","schema_version":0,"values":{"description":"US East (N. Virginia)","endpoint":"ec2.us-east-1.amazonaws.com","id":"us-east-1","name":"us-east-1","region":"us-east-1"},"sensitive_values":{}}],"address":"module.ecs.module.service[\"app\"].module.container_definition[\"app\"]"}]}]}]}}},"configuration":{"provider_config":{"aws":{"name":"aws","full_name":"registry.terraform.io/hashicorp/aws","version_constraint":"~\u003e 6.28","expressions":{"default_tags":[{"tags":{"references":["var.tags"]}}],"region":{"references":["var.aws_region"]}}},"module.ecs.module.cluster:time":{"name":"time","full_name":"registry.terraform.io/hashicorp/time","version_constraint":"\u003e= 0.13.0","module_address":"module.ecs.module.cluster"}},"root_module":{"outputs":{"alb_dns_name":{"expression":{"references":["module.alb.dns_name","module.alb"]},"description":"Public DNS name of the Application Load Balancer."},"ecr_repository_url":{"expression":{"references":["aws_ecr_repository.app.repository_url","aws_ecr_repository.app"]},"description":"ECR repository URL (no tag)."},"ecs_cluster_name":{"expression":{"references":["module.ecs.cluster_name","module.ecs"]},"description":"ECS cluster name."},"ecs_service_name":{"expression":{"references":["module.ecs.services[\"app\"].name","module.ecs.services[\"app\"]","module.ecs.services","module.ecs"]},"description":"ECS service name."}},"resources":[{"address":"aws_cloudwatch_log_group.ecs","mode":"managed","type":"aws_cloudwatch_log_group","name":"ecs","provider_config_key":"aws","expressions":{"name":{"references":["var.log_group_name"]},"retention_in_days":{"references":["var.log_retention_in_days"]}},"schema_version":0},{"address":"aws_ecr_lifecycle_policy.app","mode":"managed","type":"aws_ecr_lifecycle_policy","name":"app","provider_config_key":"aws","expressions":{"policy":{},"repository":{"references":["aws_ecr_repository.app.name","aws_ecr_repository.app"]}},"schema_version":0},{"address":"aws_ecr_repository.app","mode":"managed","type":"aws_ecr_repository","name":"app","provider_config_key":"aws","expressions":{"image_scanning_configuration":[{"scan_on_push":{"constant_value":true}}],"image_tag_mutability":{"constant_value":"MUTABLE"},"name":{"references":["var.ecr_repo_name"]}},"schema_version":0},{"address":"aws_security_group.alb","mode":"managed","type":"aws_security_group","name":"alb","provider_config_key":"aws","expressions":{"description":{"constant_value":"ALB security group"},"egress":{"constant_value":[{"cidr_blocks":["0.0.0.0/0"],"description":"All egress","from_port":0,"ipv6_cidr_blocks":null,"prefix_list_ids":null,"protocol":"-1","security_groups":null,"self":null,"to_port":0}]},"ingress":{"constant_value":[{"cidr_blocks":["0.0.0.0/0"],"description":"HTTP","from_port":80,"ipv6_cidr_blocks":null,"prefix_list_ids":null,"protocol":"tcp","security_groups":null,"self":null,"to_port":80}]},"name":{"references":["var.name"]},"vpc_id":{"references":["module.vpc.vpc_id","module.vpc"]}},"schema_version":1},{"address":"aws_security_group.ecs_tasks","mode":"managed","type":"aws_security_group","name":"ecs_tasks","provider_config_key":"aws","expressions":{"description":{"constant_value":"ECS tasks security group"},"egress":{"constant_value":[{"cidr_blocks":["0.0.0.0/0"],"description":"All egress","from_port":0,"ipv6_cidr_blocks":null,"prefix_list_ids":null,"protocol":"-1","security_groups":null,"self":null,"to_port":0}]},"ingress":{"references":["var.container_port","aws_security_group.alb.id","aws_security_group.alb","var.container_port"]},"name":{"references":["var.name"]},"vpc_id":{"references":["module.vpc.vpc_id","module.vpc"]}},"schema_version":1},{"address":"data.aws_availability_zones.available","mode":"data","type":"aws_availability_zones","name":"available","provider_config_key":"aws","expressions":{"state":{"constant_value":"available"}},"schema_version":0},{"address":"data.aws_caller_identity.current","mode":"data","type":"aws_caller_identity","name":"current","provider_config_key":"aws","schema_version":0}],"module_calls":{"alb":{"source":"terraform-aws-modules/alb/aws","expressions":{"listeners":{"constant_value":{"http":{"forward":{"target_group_key":"app"},"port":80,"protocol":"HTTP"}}},"load_balancer_type":{"constant_value":"application"},"name":{"references":["var.name"]},"security_groups":{"references":["aws_security_group.alb.id","aws_security_group.alb"]},"subnets":{"references":["module.vpc.public_subnets","module.vpc"]},"target_groups":{"references":["var.container_port","module.vpc.vpc_id","module.vpc"]},"vpc_id":{"references":["module.vpc.vpc_id","module.vpc"]}},"module":{"outputs":{"arn":{"expression":{"references":["aws_lb.this[0].arn","aws_lb.this[0]","aws_lb.this"]},"description":"The ID and ARN of the load balancer we created"},"arn_suffix":{"expression":{"references":["aws_lb.this[0].arn_suffix","aws_lb.this[0]","aws_lb.this"]},"description":"ARN suffix of our load balancer - can be used with CloudWatch"},"dns_name":{"expression":{"references":["aws_lb.this[0].dns_name","aws_lb.this[0]","aws_lb.this"]},"description":"The DNS name of the load balancer"},"id":{"expression":{"references":["aws_lb.this[0].id","aws_lb.this[0]","aws_lb.this"]},"description":"The ID and ARN of the load balancer we created"},"listener_rules":{"expression":{"references":["aws_lb_listener_rule.this"]},"description":"Map of listeners rules created and their attributes"},"listeners":{"expression":{"references":["aws_lb_listener.this"]},"description":"Map of listeners created and their attributes"},"route53_records":{"expression":{"references":["aws_route53_record.this"]},"description":"The Route53 records created and attached to the load balancer"},"security_group_arn":{"expression":{"references":["aws_security_group.this[0].arn","aws_security_group.this[0]","aws_security_group.this"]},"description":"Amazon Resource Name (ARN) of the security group"},"security_group_id":{"expression":{"references":["aws_security_group.this[0].id","aws_security_group.this[0]","aws_security_group.this"]},"description":"ID of the security group"},"target_groups":{"expression":{"references":["aws_lb_target_group.this"]},"description":"Map of target groups created and their attributes"},"zone_id":{"expression":{"references":["aws_lb.this[0].zone_id","aws_lb.this[0]","aws_lb.this"]},"description":"The zone_id of the load balancer to assist with creating DNS records"}},"resources":[{"address":"aws_lambda_permission.this","mode":"managed","type":"aws_lambda_permission","name":"this","provider_config_key":"aws","expressions":{"action":{"references":["each.value.lambda_action","each.value"]},"event_source_token":{"references":["each.value.lambda_event_source_token","each.value"]},"function_name":{"references":["each.value.lambda_function_name","each.value"]},"principal":{"references":["each.value.lambda_principal","each.value","data.aws_partition.current[0].dns_suffix","data.aws_partition.current[0]","data.aws_partition.current"]},"qualifier":{"references":["each.value.lambda_qualifier","each.value"]},"region":{"references":["var.region"]},"source_account":{"references":["each.value.lambda_source_account","each.value"]},"source_arn":{"references":["aws_lb_target_group.this","each.key"]},"statement_id":{"references":["each.value.lambda_statement_id","each.value"]}},"schema_version":0,"for_each_expression":{"references":["local.lambda_target_groups","local.create"]}},{"address":"aws_lb.this","mode":"managed","type":"aws_lb","name":"this","provider_config_key":"aws","expressions":{"client_keep_alive":{"references":["var.client_keep_alive"]},"customer_owned_ipv4_pool":{"references":["var.customer_owned_ipv4_pool"]},"desync_mitigation_mode":{"references":["var.desync_mitigation_mode"]},"dns_record_client_routing_policy":{"references":["var.dns_record_client_routing_policy"]},"drop_invalid_header_fields":{"references":["var.drop_invalid_header_fields"]},"enable_cross_zone_load_balancing":{"references":["var.enable_cross_zone_load_balancing"]},"enable_deletion_protection":{"references":["var.enable_deletion_protection"]},"enable_http2":{"references":["var.enable_http2"]},"enable_tls_version_and_cipher_suite_headers":{"references":["var.enable_tls_version_and_cipher_suite_headers"]},"enable_waf_fail_open":{"references":["var.enable_waf_fail_open"]},"enable_xff_client_port":{"references":["var.enable_xff_client_port"]},"enable_zonal_shift":{"references":["var.enable_zonal_shift"]},"enforce_security_group_inbound_rules_on_private_link_traffic":{"references":["var.enforce_security_group_inbound_rules_on_private_link_traffic"]},"idle_timeout":{"references":["var.idle_timeout"]},"internal":{"references":["var.internal"]},"ip_address_type":{"references":["var.ip_address_type"]},"load_balancer_type":{"references":["var.load_balancer_type"]},"name":{"references":["var.name"]},"name_prefix":{"references":["var.name_prefix"]},"preserve_host_header":{"references":["var.preserve_host_header"]},"region":{"references":["var.region"]},"security_groups":{"references":["var.create_security_group","aws_security_group.this[0].id","aws_security_group.this[0]","aws_security_group.this","var.security_groups","var.security_groups"]},"subnets":{"references":["var.subnets"]},"tags":{"references":["var.tags"]},"xff_header_processing_mode":{"references":["var.xff_header_processing_mode"]}},"schema_version":0,"count_expression":{"references":["local.create"]}},{"address":"aws_lb_listener.this","mode":"managed","type":"aws_lb_listener","name":"this","provider_config_key":"aws","expressions":{"alpn_policy":{"references":["each.value.alpn_policy","each.value"]},"certificate_arn":{"references":["each.value.certificate_arn","each.value"]},"load_balancer_arn":{"references":["aws_lb.this[0].arn","aws_lb.this[0]","aws_lb.this"]},"port":{"references":["each.value.protocol","each.value","var.default_protocol","each.value.port","each.value","var.default_port"]},"protocol":{"references":["each.value.protocol","each.value","var.default_protocol","each.value.protocol","each.value","var.default_protocol"]},"region":{"references":["var.region"]},"routing_http_request_x_amzn_mtls_clientcert_header_name":{"references":["each.value.protocol","each.value","var.default_protocol","each.value.routing_http_request_x_amzn_mtls_clientcert_header_name","each.value"]},"routing_http_request_x_amzn_mtls_clientcert_issuer_header_name":{"references":["each.value.protocol","each.value","var.default_protocol","each.value.routing_http_request_x_amzn_mtls_clientcert_issuer_header_name","each.value"]},"routing_http_request_x_amzn_mtls_clientcert_leaf_header_name":{"references":["each.value.protocol","each.value","var.default_protocol","each.value.routing_http_request_x_amzn_mtls_clientcert_leaf_header_name","each.value"]},"routing_http_request_x_amzn_mtls_clientcert_serial_number_header_name":{"references":["each.value.protocol","each.value","var.default_protocol","each.value.routing_http_request_x_amzn_mtls_clientcert_serial_number_header_name","each.value"]},"routing_http_request_x_amzn_mtls_clientcert_subject_header_name":{"references":["each.value.protocol","each.value","var.default_protocol","each.value.routing_http_request_x_amzn_mtls_clientcert_subject_header_name","each.value"]},"routing_http_request_x_amzn_mtls_clientcert_validity_header_name":{"references":["each.value.protocol","each.value","var.default_protocol","each.value.routing_http_request_x_amzn_mtls_clientcert_validity_header_name","each.value"]},"routing_http_request_x_amzn_tls_cipher_suite_header_name":{"references":["each.value.protocol","each.value","var.default_protocol","each.value.routing_http_request_x_amzn_tls_cipher_suite_header_name","each.value"]},"routing_http_request_x_amzn_tls_version_header_name":{"references":["each.value.protocol","each.value","var.default_protocol","each.value.routing_http_request_x_amzn_tls_version_header_name","each.value"]},"routing_http_response_access_control_allow_credentials_header_value":{"references":["each.value.protocol","each.value","var.default_protocol","each.value.routing_http_response_access_control_allow_credentials_header_value","each.value"]},"routing_http_response_access_control_allow_headers_header_value":{"references":["each.value.protocol","each.value","var.default_protocol","each.value.routing_http_response_access_control_allow_headers_header_value","each.value"]},"routing_http_response_access_control_allow_methods_header_value":{"references":["each.value.protocol","each.value","var.default_protocol","each.value.routing_http_response_access_control_allow_methods_header_value","each.value"]},"routing_http_response_access_control_allow_origin_header_value":{"references":["each.value.protocol","each.value","var.default_protocol","each.value.routing_http_response_access_control_allow_origin_header_value","each.value"]},"routing_http_response_access_control_expose_headers_header_value":{"references":["each.value.protocol","each.value","var.default_protocol","each.value.routing_http_response_access_control_expose_headers_header_value","each.value"]},"routing_http_response_access_control_max_age_header_value":{"references":["each.value.protocol","each.value","var.default_protocol","each.value.routing_http_response_access_control_max_age_header_value","each.value"]},"routing_http_response_content_security_policy_header_value":{"references":["each.value.protocol","each.value","var.default_protocol","each.value.routing_http_response_content_security_policy_header_value","each.value"]},"routing_http_response_server_enabled":{"references":["each.value.protocol","each.value","var.default_protocol","each.value.routing_http_response_server_enabled","each.value"]},"routing_http_response_strict_transport_security_header_value":{"references":["each.value.protocol","each.value","var.default_protocol","each.value.routing_http_response_strict_transport_security_header_value","each.value"]},"routing_http_response_x_content_type_options_header_value":{"references":["each.value.protocol","each.value","var.default_protocol","each.value.routing_http_response_x_content_type_options_header_value","each.value"]},"routing_http_response_x_frame_options_header_value":{"references":["each.value.protocol","each.value","var.default_protocol","each.value.routing_http_response_x_frame_options_header_value","each.value"]},"ssl_policy":{"references":["each.value.protocol","each.value","var.default_protocol","each.value.ssl_policy","each.value","each.value.ssl_policy","each.value"]},"tags":{"references":["var.tags","each.value.tags","each.value"]},"tcp_idle_timeout_seconds":{"references":["each.value.protocol","each.value","var.default_protocol","each.value.tcp_idle_timeout_seconds","each.value"]}},"schema_version":0,"for_each_expression":{"references":["var.listeners","local.create"]}},{"address":"aws_lb_listener_certificate.this","mode":"managed","type":"aws_lb_listener_certificate","name":"this","provider_config_key":"aws","expressions":{"certificate_arn":{"references":["each.value.certificate_arn","each.value"]},"listener_arn":{"references":["aws_lb_listener.this","each.value.listener_key","each.value"]},"region":{"references":["var.region"]}},"schema_version":0,"for_each_expression":{"references":["local.additional_certs","local.create"]}},{"address":"aws_lb_listener_rule.this","mode":"managed","type":"aws_lb_listener_rule","name":"this","provider_config_key":"aws","expressions":{"listener_arn":{"references":["aws_lb_listener.this","each.value.listener_key","each.value","each.value.listener_arn","each.value"]},"priority":{"references":["each.value.priority","each.value"]},"region":{"references":["var.region"]},"tags":{"references":["var.tags","each.value.tags","each.value"]}},"schema_version":0,"for_each_expression":{"references":["local.listener_rules","local.create"]}},{"address":"aws_lb_target_group.this","mode":"managed","type":"aws_lb_target_group","name":"this","provider_config_key":"aws","expressions":{"connection_termination":{"references":["each.value.connection_termination","each.value"]},"deregistration_delay":{"references":["each.value.deregistration_delay","each.value"]},"ip_address_type":{"references":["each.value.ip_address_type","each.value"]},"lambda_multi_value_headers_enabled":{"references":["each.value.lambda_multi_value_headers_enabled","each.value"]},"load_balancing_algorithm_type":{"references":["each.value.load_balancing_algorithm_type","each.value"]},"load_balancing_anomaly_mitigation":{"references":["each.value.load_balancing_anomaly_mitigation","each.value"]},"load_balancing_cross_zone_enabled":{"references":["each.value.load_balancing_cross_zone_enabled","each.value"]},"name":{"references":["each.value.name","each.value"]},"name_prefix":{"references":["each.value.name_prefix","each.value"]},"port":{"references":["each.value.target_type","each.value","each.value.port","each.value","var.default_port"]},"preserve_client_ip":{"references":["each.value.preserve_client_ip","each.value"]},"protocol":{"references":["each.value.target_type","each.value","each.value.protocol","each.value","var.default_protocol"]},"protocol_version":{"references":["each.value.protocol_version","each.value"]},"proxy_protocol_v2":{"references":["each.value.proxy_protocol_v2","each.value"]},"region":{"references":["var.region"]},"slow_start":{"references":["each.value.slow_start","each.value"]},"tags":{"references":["var.tags","each.value.tags","each.value"]},"target_type":{"references":["each.value.target_type","each.value"]},"vpc_id":{"references":["each.value.vpc_id","each.value","var.vpc_id"]}},"schema_version":0,"for_each_expression":{"references":["local.create","var.target_groups","var.target_groups"]}},{"address":"aws_lb_target_group_attachment.additional","mode":"managed","type":"aws_lb_target_group_attachment","name":"additional","provider_config_key":"aws","expressions":{"availability_zone":{"references":["each.value.availability_zone","each.value"]},"port":{"references":["each.value.target_type","each.value","each.value.port","each.value","var.default_port"]},"region":{"references":["var.region"]},"target_group_arn":{"references":["aws_lb_target_group.this","each.value.target_group_key","each.value"]},"target_id":{"references":["each.value.target_id","each.value"]}},"schema_version":0,"for_each_expression":{"references":["local.create","var.additional_target_group_attachments","var.additional_target_group_attachments"]},"depends_on":["aws_lambda_permission.this"]},{"address":"aws_lb_target_group_attachment.this","mode":"managed","type":"aws_lb_target_group_attachment","name":"this","provider_config_key":"aws","expressions":{"availability_zone":{"references":["each.value.availability_zone","each.value"]},"port":{"references":["each.value.target_type","each.value","each.value.port","each.value","var.default_port"]},"region":{"references":["var.region"]},"target_group_arn":{"references":["aws_lb_target_group.this","each.key"]},"target_id":{"references":["each.value.target_id","each.value"]}},"schema_version":0,"for_each_expression":{"references":["local.create","var.target_groups","var.target_groups"]},"depends_on":["aws_lambda_permission.this"]},{"address":"aws_route53_record.this","mode":"managed","type":"aws_route53_record","name":"this","provider_config_key":"aws","expressions":{"alias":[{"evaluate_target_health":{"references":["each.value.evaluate_target_health","each.value"]},"name":{"references":["aws_lb.this[0].dns_name","aws_lb.this[0]","aws_lb.this"]},"zone_id":{"references":["aws_lb.this[0].zone_id","aws_lb.this[0]","aws_lb.this"]}}],"name":{"references":["each.value.name","each.value","each.key"]},"type":{"references":["each.value.type","each.value"]},"zone_id":{"references":["each.value.zone_id","each.value"]}},"schema_version":2,"for_each_expression":{"references":["var.create","var.route53_records","var.route53_records"]}},{"address":"aws_security_group.this","mode":"managed","type":"aws_security_group","name":"this","provider_config_key":"aws","expressions":{"description":{"references":["var.security_group_description","local.security_group_name","var.load_balancer_type"]},"name":{"references":["var.security_group_use_name_prefix","local.security_group_name"]},"name_prefix":{"references":["var.security_group_use_name_prefix","local.security_group_name"]},"region":{"references":["var.region"]},"tags":{"references":["var.tags","var.security_group_tags"]},"vpc_id":{"references":["var.vpc_id"]}},"schema_version":1,"count_expression":{"references":["local.create_security_group"]}},{"address":"aws_vpc_security_group_egress_rule.this","mode":"managed","type":"aws_vpc_security_group_egress_rule","name":"this","provider_config_key":"aws","expressions":{"cidr_ipv4":{"references":["each.value.cidr_ipv4","each.value"]},"cidr_ipv6":{"references":["each.value.cidr_ipv6","each.value"]},"description":{"references":["each.value.description","each.value"]},"from_port":{"references":["each.value.from_port","each.value","each.value.to_port","each.value"]},"ip_protocol":{"references":["each.value.ip_protocol","each.value"]},"prefix_list_id":{"references":["each.value.prefix_list_id","each.value"]},"referenced_security_group_id":{"references":["each.value.referenced_security_group_id","each.value"]},"region":{"references":["var.region"]},"security_group_id":{"references":["aws_security_group.this[0].id","aws_security_group.this[0]","aws_security_group.this"]},"tags":{"references":["var.tags","var.security_group_tags","each.value.name","each.value","local.security_group_name","each.key","each.value.tags","each.value"]},"to_port":{"references":["each.value.to_port","each.value"]}},"schema_version":0,"for_each_expression":{"references":["local.create_security_group","var.security_group_egress_rules","var.security_group_egress_rules"]}},{"address":"aws_vpc_security_group_ingress_rule.this","mode":"managed","type":"aws_vpc_security_group_ingress_rule","name":"this","provider_config_key":"aws","expressions":{"cidr_ipv4":{"references":["each.value.cidr_ipv4","each.value"]},"cidr_ipv6":{"references":["each.value.cidr_ipv6","each.value"]},"description":{"references":["each.value.description","each.value"]},"from_port":{"references":["each.value.from_port","each.value"]},"ip_protocol":{"references":["each.value.ip_protocol","each.value"]},"prefix_list_id":{"references":["each.value.prefix_list_id","each.value"]},"referenced_security_group_id":{"references":["each.value.referenced_security_group_id","each.value"]},"region":{"references":["var.region"]},"security_group_id":{"references":["aws_security_group.this[0].id","aws_security_group.this[0]","aws_security_group.this"]},"tags":{"references":["var.tags","var.security_group_tags","each.value.name","each.value","local.security_group_name","each.key","each.value.tags","each.value"]},"to_port":{"references":["each.value.to_port","each.value","each.value.from_port","each.value"]}},"schema_version":0,"for_each_expression":{"references":["local.create_security_group","var.security_group_ingress_rules","var.security_group_ingress_rules"]}},{"address":"aws_wafv2_web_acl_association.this","mode":"managed","type":"aws_wafv2_web_acl_association","name":"this","provider_config_key":"aws","expressions":{"region":{"references":["var.region"]},"resource_arn":{"references":["aws_lb.this[0].arn","aws_lb.this[0]","aws_lb.this"]},"web_acl_arn":{"references":["var.web_acl_arn"]}},"schema_version":0,"count_expression":{"references":["var.associate_web_acl"]}},{"address":"data.aws_partition.current","mode":"data","type":"aws_partition","name":"current","provider_config_key":"aws","schema_version":0,"count_expression":{"references":["local.create"]}}],"variables":{"access_logs":{"default":null,"description":"Map containing access logging configuration for load balancer"},"additional_target_group_attachments":{"default":null,"description":"Map of additional target group attachments to create. Use `target_group_key` to attach to the target group created in `target_groups`"},"associate_web_acl":{"default":false,"description":"Indicates whether a Web Application Firewall (WAF) ACL should be associated with the load balancer"},"client_keep_alive":{"default":null,"description":"Client keep alive value in seconds. The valid range is 60-604800 seconds. The default is 3600 seconds"},"connection_logs":{"default":null,"description":"Map containing access logging configuration for load balancer"},"create":{"default":true,"description":"Controls if resources should be created (affects nearly all resources)"},"create_security_group":{"default":true,"description":"Determines if a security group is created"},"customer_owned_ipv4_pool":{"default":null,"description":"The ID of the customer owned ipv4 pool to use for this load balancer"},"default_port":{"default":80,"description":"Default port used across the listener and target group"},"default_protocol":{"default":"HTTP","description":"Default protocol used across the listener and target group"},"desync_mitigation_mode":{"default":null,"description":"Determines how the load balancer handles requests that might pose a security risk to an application due to HTTP desync. Valid values are `monitor`, `defensive` (default), `strictest`"},"dns_record_client_routing_policy":{"default":null,"description":"Indicates how traffic is distributed among the load balancer Availability Zones. Possible values are any_availability_zone (default), availability_zone_affinity, or partial_availability_zone_affinity. Only valid for network type load balancers"},"drop_invalid_header_fields":{"default":true,"description":"Indicates whether HTTP headers with header fields that are not valid are removed by the load balancer (`true`) or routed to targets (`false`). The default is `true`. Elastic Load Balancing requires that message header names contain only alphanumeric characters and hyphens. Only valid for Load Balancers of type `application`"},"enable_cross_zone_load_balancing":{"default":true,"description":"If `true`, cross-zone load balancing of the load balancer will be enabled. For application load balancer this feature is always enabled (`true`) and cannot be disabled. Defaults to `true`"},"enable_deletion_protection":{"default":true,"description":"If `true`, deletion of the load balancer will be disabled via the AWS API. This will prevent Terraform from deleting the load balancer. Defaults to `true`"},"enable_http2":{"default":null,"description":"Indicates whether HTTP/2 is enabled in application load balancers. Defaults to `true`"},"enable_tls_version_and_cipher_suite_headers":{"default":null,"description":"Indicates whether the two headers (`x-amzn-tls-version` and `x-amzn-tls-cipher-suite`), which contain information about the negotiated TLS version and cipher suite, are added to the client request before sending it to the target. Only valid for Load Balancers of type `application`. Defaults to `false`"},"enable_waf_fail_open":{"default":null,"description":"Indicates whether to allow a WAF-enabled load balancer to route requests to targets if it is unable to forward the request to AWS WAF. Defaults to `false`"},"enable_xff_client_port":{"default":null,"description":"Indicates whether the X-Forwarded-For header should preserve the source port that the client used to connect to the load balancer in `application` load balancers. Defaults to `false`"},"enable_zonal_shift":{"default":null,"description":"Whether zonal shift is enabled"},"enforce_security_group_inbound_rules_on_private_link_traffic":{"default":null,"description":"Indicates whether inbound security group rules are enforced for traffic originating from a PrivateLink. Only valid for Load Balancers of type network. The possible values are on and off"},"health_check_logs":{"default":null,"description":"Map containing health check logging configuration for application load balancers"},"idle_timeout":{"default":null,"description":"The time in seconds that the connection is allowed to be idle. Only valid for Load Balancers of type `application`. Default: `60`"},"internal":{"default":null,"description":"If true, the LB will be internal. Defaults to `false`"},"ip_address_type":{"default":null,"description":"The type of IP addresses used by the subnets for your load balancer. The possible values are `ipv4` and `dualstack`"},"ipam_pools":{"default":null,"description":"The IPAM pools to use with the load balancer"},"listeners":{"default":{},"description":"Map of listener configurations to create"},"load_balancer_type":{"default":"application","description":"The type of load balancer to create. Possible values are `application`, `gateway`, or `network`. The default value is `application`"},"minimum_load_balancer_capacity":{"default":null,"description":"Minimum capacity for a load balancer. Only valid for Load Balancers of type `application` or `network`"},"name":{"default":null,"description":"The name of the LB. This name must be unique within your AWS account, can have a maximum of 32 characters, must contain only alphanumeric characters or hyphens, and must not begin or end with a hyphen"},"name_prefix":{"default":null,"description":"Creates a unique name beginning with the specified prefix. Conflicts with `name`"},"preserve_host_header":{"default":null,"description":"Indicates whether the Application Load Balancer should preserve the Host header in the HTTP request and send it to the target without any change. Defaults to `false`"},"putin_khuylo":{"default":true,"description":"Do you agree that Putin doesn't respect Ukrainian sovereignty and territorial integrity? More info: https://en.wikipedia.org/wiki/Putin_khuylo!"},"region":{"default":null,"description":"Region where the resource(s) will be managed. Defaults to the Region set in the provider configuration"},"route53_records":{"default":null,"description":"Map of Route53 records to create. Each record map should contain `zone_id`, `name`, and `type`"},"security_group_description":{"default":null,"description":"Description of the security group created"},"security_group_egress_rules":{"default":null,"description":"Security group egress rules to add to the security group created"},"security_group_ingress_rules":{"default":null,"description":"Security group ingress rules to add to the security group created"},"security_group_name":{"default":null,"description":"Name to use on security group created"},"security_group_tags":{"default":{},"description":"A map of additional tags to add to the security group created"},"security_group_use_name_prefix":{"default":true,"description":"Determines whether the security group name (`security_group_name`) is used as a prefix"},"security_groups":{"default":[],"description":"A list of security group IDs to assign to the LB"},"subnet_mapping":{"default":null,"description":"A list of subnet mapping blocks describing subnets to attach to load balancer"},"subnets":{"default":null,"description":"A list of subnet IDs to attach to the LB. Subnets cannot be updated for Load Balancers of type `network`. Changing this value for load balancers of type `network` will force a recreation of the resource"},"tags":{"default":{},"description":"A map of tags to add to all resources"},"target_groups":{"default":null,"description":"Map of target group configurations to create"},"timeouts":{"default":null,"description":"Create, update, and delete timeout configurations for the load balancer"},"vpc_id":{"default":null,"description":"Identifier of the VPC where the security group will be created"},"web_acl_arn":{"default":null,"description":"Web Application Firewall (WAF) ARN of the resource to associate with the load balancer"},"xff_header_processing_mode":{"default":null,"description":"Determines how the load balancer modifies the X-Forwarded-For header in the HTTP request before sending the request to the target. The possible values are `append`, `preserve`, and `remove`. Only valid for Load Balancers of type `application`. The default is `append`"}}},"version_constraint":"~\u003e 10.5"},"ecs":{"source":"terraform-aws-modules/ecs/aws","expressions":{"cluster_name":{"references":["var.name"]},"default_capacity_provider_strategy":{"constant_value":{"FARGATE":{"base":1,"weight":1}}},"services":{"references":["var.task_cpu","var.task_memory","var.desired_count","module.vpc.private_subnets","module.vpc","aws_security_group.ecs_tasks.id","aws_security_group.ecs_tasks","module.alb.target_groups[\"app\"].arn","module.alb.target_groups[\"app\"]","module.alb.target_groups","module.alb","var.container_port","local.image_uri","var.container_port","aws_cloudwatch_log_group.ecs.name","aws_cloudwatch_log_group.ecs","var.aws_region"]}},"module":{"outputs":{"capacity_providers":{"expression":{"references":["module.cluster.capacity_providers","module.cluster"]},"description":"Map of autoscaling capacity providers created and their attributes"},"cloudwatch_log_group_arn":{"expression":{"references":["module.cluster.cloudwatch_log_group_arn","module.cluster"]},"description":"ARN of CloudWatch log group created"},"cloudwatch_log_group_name":{"expression":{"references":["module.cluster.cloudwatch_log_group_name","module.cluster"]},"description":"Name of CloudWatch log group created"},"cluster_arn":{"expression":{"references":["module.cluster.arn","module.cluster"]},"description":"ARN that identifies the cluster"},"cluster_capacity_providers":{"expression":{"references":["module.cluster.cluster_capacity_providers","module.cluster"]},"description":"Map of cluster capacity providers attributes"},"cluster_id":{"expression":{"references":["module.cluster.id","module.cluster"]},"description":"ID that identifies the cluster"},"cluster_name":{"expression":{"references":["module.cluster.name","module.cluster"]},"description":"Name that identifies the cluster"},"infrastructure_iam_role_arn":{"expression":{"references":["module.cluster.infrastructure_iam_role_arn","module.cluster"]},"description":"The Amazon Resource Name (ARN) specifying the IAM role"},"infrastructure_iam_role_name":{"expression":{"references":["module.cluster.infrastructure_iam_role_name","module.cluster"]},"description":"IAM role name"},"infrastructure_iam_role_unique_id":{"expression":{"references":["module.cluster.infrastructure_iam_role_unique_id","module.cluster"]},"description":"Stable and unique string identifying the IAM role"},"node_iam_instance_profile_arn":{"expression":{"references":["module.cluster.node_iam_instance_profile_arn","module.cluster"]},"description":"ARN assigned by AWS to the instance profile"},"node_iam_instance_profile_id":{"expression":{"references":["module.cluster.node_iam_instance_profile_id","module.cluster"]},"description":"Instance profile's ID"},"node_iam_instance_profile_unique":{"expression":{"references":["module.cluster.node_iam_instance_profile_unique","module.cluster"]},"description":"Stable and unique string identifying the IAM instance profile"},"node_iam_role_arn":{"expression":{"references":["module.cluster.node_iam_role_arn","module.cluster"]},"description":"The Amazon Resource Name (ARN) specifying the IAM role"},"node_iam_role_name":{"expression":{"references":["module.cluster.node_iam_role_name","module.cluster"]},"description":"IAM role name"},"node_iam_role_unique_id":{"expression":{"references":["module.cluster.node_iam_role_unique_id","module.cluster"]},"description":"Stable and unique string identifying the IAM role"},"services":{"expression":{"references":["module.service"]},"description":"Map of services created and their attributes"},"task_exec_iam_role_arn":{"expression":{"references":["module.cluster.task_exec_iam_role_arn","module.cluster"]},"description":"Task execution IAM role ARN"},"task_exec_iam_role_name":{"expression":{"references":["module.cluster.task_exec_iam_role_name","module.cluster"]},"description":"Task execution IAM role name"},"task_exec_iam_role_unique_id":{"expression":{"references":["module.cluster.task_exec_iam_role_unique_id","module.cluster"]},"description":"Stable and unique string identifying the task execution IAM role"}},"module_calls":{"cluster":{"source":"./modules/cluster","expressions":{"capacity_providers":{"references":["var.capacity_providers"]},"cloudwatch_log_group_class":{"references":["var.cloudwatch_log_group_class"]},"cloudwatch_log_group_kms_key_id":{"references":["var.cloudwatch_log_group_kms_key_id"]},"cloudwatch_log_group_name":{"references":["var.cloudwatch_log_group_name"]},"cloudwatch_log_group_retention_in_days":{"references":["var.cloudwatch_log_group_retention_in_days"]},"cloudwatch_log_group_tags":{"references":["var.cloudwatch_log_group_tags"]},"cluster_capacity_providers":{"references":["var.cluster_capacity_providers"]},"configuration":{"references":["var.cluster_configuration"]},"create":{"references":["var.create"]},"create_cloudwatch_log_group":{"references":["var.create_cloudwatch_log_group"]},"create_infrastructure_iam_role":{"references":["var.create_infrastructure_iam_role"]},"create_node_iam_instance_profile":{"references":["var.create_node_iam_instance_profile"]},"create_security_group":{"references":["var.create_security_group"]},"create_task_exec_iam_role":{"references":["var.create_task_exec_iam_role"]},"create_task_exec_policy":{"references":["var.create_task_exec_policy"]},"default_capacity_provider_strategy":{"references":["var.default_capacity_provider_strategy"]},"disable_v7_default_name_description":{"references":["var.disable_v7_default_name_description"]},"infrastructure_iam_role_description":{"references":["var.infrastructure_iam_role_description"]},"infrastructure_iam_role_name":{"references":["var.infrastructure_iam_role_name"]},"infrastructure_iam_role_override_policy_documents":{"references":["var.infrastructure_iam_role_override_policy_documents"]},"infrastructure_iam_role_path":{"references":["var.infrastructure_iam_role_path"]},"infrastructure_iam_role_permissions_boundary":{"references":["var.infrastructure_iam_role_permissions_boundary"]},"infrastructure_iam_role_source_policy_documents":{"references":["var.infrastructure_iam_role_source_policy_documents"]},"infrastructure_iam_role_statements":{"references":["var.infrastructure_iam_role_statements"]},"infrastructure_iam_role_tags":{"references":["var.infrastructure_iam_role_tags"]},"infrastructure_iam_role_use_name_prefix":{"references":["var.infrastructure_iam_role_use_name_prefix"]},"name":{"references":["var.cluster_name"]},"node_iam_role_additional_policies":{"references":["var.node_iam_role_additional_policies"]},"node_iam_role_description":{"references":["var.node_iam_role_description"]},"node_iam_role_name":{"references":["var.node_iam_role_name"]},"node_iam_role_override_policy_documents":{"references":["var.node_iam_role_override_policy_documents"]},"node_iam_role_path":{"references":["var.node_iam_role_path"]},"node_iam_role_permissions_boundary":{"references":["var.node_iam_role_permissions_boundary"]},"node_iam_role_source_policy_documents":{"references":["var.node_iam_role_source_policy_documents"]},"node_iam_role_statements":{"references":["var.node_iam_role_statements"]},"node_iam_role_tags":{"references":["var.node_iam_role_tags"]},"node_iam_role_use_name_prefix":{"references":["var.node_iam_role_use_name_prefix"]},"region":{"references":["var.region"]},"security_group_description":{"references":["var.security_group_description"]},"security_group_egress_rules":{"references":["var.security_group_egress_rules"]},"security_group_ingress_rules":{"references":["var.security_group_ingress_rules"]},"security_group_name":{"references":["var.security_group_name"]},"security_group_tags":{"references":["var.security_group_tags"]},"security_group_use_name_prefix":{"references":["var.security_group_use_name_prefix"]},"service_connect_defaults":{"references":["var.cluster_service_connect_defaults"]},"setting":{"references":["var.cluster_setting"]},"tags":{"references":["var.tags","var.cluster_tags"]},"task_exec_iam_role_description":{"references":["var.task_exec_iam_role_description"]},"task_exec_iam_role_name":{"references":["var.task_exec_iam_role_name"]},"task_exec_iam_role_path":{"references":["var.task_exec_iam_role_path"]},"task_exec_iam_role_permissions_boundary":{"references":["var.task_exec_iam_role_permissions_boundary"]},"task_exec_iam_role_policies":{"references":["var.task_exec_iam_role_policies"]},"task_exec_iam_role_tags":{"references":["var.task_exec_iam_role_tags"]},"task_exec_iam_role_use_name_prefix":{"references":["var.task_exec_iam_role_use_name_prefix"]},"task_exec_iam_statements":{"references":["var.task_exec_iam_statements"]},"task_exec_secret_arns":{"references":["var.task_exec_secret_arns"]},"task_exec_ssm_param_arns":{"references":["var.task_exec_ssm_param_arns"]},"vpc_id":{"references":["var.vpc_id"]}},"module":{"outputs":{"arn":{"expression":{"references":["aws_ecs_cluster.this[0].arn","aws_ecs_cluster.this[0]","aws_ecs_cluster.this"]},"description":"ARN that identifies the cluster"},"capacity_providers":{"expression":{"references":["var.capacity_providers","time_sleep.this[0].triggers[\"capacity_providers\"]","time_sleep.this[0].triggers","time_sleep.this[0]","time_sleep.this"]},"description":"Map of autoscaling capacity providers created and their attributes"},"cloudwatch_log_group_arn":{"expression":{"references":["aws_cloudwatch_log_group.this[0].arn","aws_cloudwatch_log_group.this[0]","aws_cloudwatch_log_group.this"]},"description":"ARN of CloudWatch log group created"},"cloudwatch_log_group_name":{"expression":{"references":["aws_cloudwatch_log_group.this[0].name","aws_cloudwatch_log_group.this[0]","aws_cloudwatch_log_group.this"]},"description":"Name of CloudWatch log group created"},"cluster_capacity_providers":{"expression":{"references":["aws_ecs_cluster_capacity_providers.this"]},"description":"Map of cluster capacity providers attributes"},"id":{"expression":{"references":["aws_ecs_cluster.this[0].id","aws_ecs_cluster.this[0]","aws_ecs_cluster.this"]},"description":"ID that identifies the cluster"},"infrastructure_iam_role_arn":{"expression":{"references":["aws_iam_role.infrastructure[0].arn","aws_iam_role.infrastructure[0]","aws_iam_role.infrastructure"]},"description":"The Amazon Resource Name (ARN) specifying the IAM role"},"infrastructure_iam_role_name":{"expression":{"references":["aws_iam_role.infrastructure[0].name","aws_iam_role.infrastructure[0]","aws_iam_role.infrastructure"]},"description":"IAM role name"},"infrastructure_iam_role_unique_id":{"expression":{"references":["aws_iam_role.infrastructure[0].unique_id","aws_iam_role.infrastructure[0]","aws_iam_role.infrastructure"]},"description":"Stable and unique string identifying the IAM role"},"name":{"expression":{"references":["aws_ecs_cluster.this[0].name","aws_ecs_cluster.this[0]","aws_ecs_cluster.this"]},"description":"Name that identifies the cluster"},"node_iam_instance_profile_arn":{"expression":{"references":["aws_iam_instance_profile.this[0].arn","aws_iam_instance_profile.this[0]","aws_iam_instance_profile.this"]},"description":"ARN assigned by AWS to the instance profile"},"node_iam_instance_profile_id":{"expression":{"references":["aws_iam_instance_profile.this[0].id","aws_iam_instance_profile.this[0]","aws_iam_instance_profile.this"]},"description":"Instance profile's ID"},"node_iam_instance_profile_unique":{"expression":{"references":["aws_iam_instance_profile.this[0].unique_id","aws_iam_instance_profile.this[0]","aws_iam_instance_profile.this"]},"description":"Stable and unique string identifying the IAM instance profile"},"node_iam_role_arn":{"expression":{"references":["aws_iam_role.node[0].arn","aws_iam_role.node[0]","aws_iam_role.node"]},"description":"The Amazon Resource Name (ARN) specifying the IAM role"},"node_iam_role_name":{"expression":{"references":["aws_iam_role.node[0].name","aws_iam_role.node[0]","aws_iam_role.node"]},"description":"IAM role name"},"node_iam_role_unique_id":{"expression":{"references":["aws_iam_role.node[0].unique_id","aws_iam_role.node[0]","aws_iam_role.node"]},"description":"Stable and unique string identifying the IAM role"},"task_exec_iam_role_arn":{"expression":{"references":["aws_iam_role.task_exec[0].arn","aws_iam_role.task_exec[0]","aws_iam_role.task_exec"]},"description":"The Amazon Resource Name (ARN) specifying the IAM role"},"task_exec_iam_role_name":{"expression":{"references":["aws_iam_role.task_exec[0].name","aws_iam_role.task_exec[0]","aws_iam_role.task_exec"]},"description":"IAM role name"},"task_exec_iam_role_unique_id":{"expression":{"references":["aws_iam_role.task_exec[0].unique_id","aws_iam_role.task_exec[0]","aws_iam_role.task_exec"]},"description":"Stable and unique string identifying the IAM role"}},"resources":[{"address":"aws_cloudwatch_log_group.this","mode":"managed","type":"aws_cloudwatch_log_group","name":"this","provider_config_key":"aws","expressions":{"kms_key_id":{"references":["var.cloudwatch_log_group_kms_key_id"]},"log_group_class":{"references":["var.cloudwatch_log_group_class"]},"name":{"references":["local.log_group_name"]},"region":{"references":["var.region"]},"retention_in_days":{"references":["var.cloudwatch_log_group_retention_in_days"]},"tags":{"references":["var.tags","var.cloudwatch_log_group_tags","local.log_group_name"]}},"schema_version":0,"count_expression":{"references":["var.create","var.create_cloudwatch_log_group"]}},{"address":"aws_ecs_capacity_provider.this","mode":"managed","type":"aws_ecs_capacity_provider","name":"this","provider_config_key":"aws","expressions":{"cluster":{"references":["each.value.managed_instances_provider","each.value","aws_ecs_cluster.this[0].name","aws_ecs_cluster.this[0]","aws_ecs_cluster.this"]},"name":{"references":["each.value.name","each.value","each.key"]},"region":{"references":["var.region"]},"tags":{"references":["var.tags","each.value.tags","each.value"]}},"schema_version":0,"for_each_expression":{"references":["var.create","var.capacity_providers","var.capacity_providers"]},"depends_on":["aws_iam_role_policy_attachment.task_exec","aws_iam_role_policy_attachment.infrastructure","aws_iam_role_policy_attachment.node","aws_vpc_security_group_ingress_rule.this","aws_vpc_security_group_egress_rule.this"]},{"address":"aws_ecs_cluster.this","mode":"managed","type":"aws_ecs_cluster","name":"this","provider_config_key":"aws","expressions":{"name":{"references":["var.name"]},"region":{"references":["var.region"]},"tags":{"references":["var.tags"]}},"schema_version":0,"count_expression":{"references":["var.create"]}},{"address":"aws_ecs_cluster_capacity_providers.this","mode":"managed","type":"aws_ecs_cluster_capacity_providers","name":"this","provider_config_key":"aws","expressions":{"capacity_providers":{"references":["var.cluster_capacity_providers","time_sleep.this[0].triggers[\"capacity_provider_names\"]","time_sleep.this[0].triggers","time_sleep.this[0]","time_sleep.this"]},"cluster_name":{"references":["aws_ecs_cluster.this[0].name","aws_ecs_cluster.this[0]","aws_ecs_cluster.this"]},"region":{"references":["var.region"]}},"schema_version":0,"count_expression":{"references":["var.create"]}},{"address":"aws_iam_instance_profile.this","mode":"managed","type":"aws_iam_instance_profile","name":"this","provider_config_key":"aws","expressions":{"name":{"references":["var.node_iam_role_use_name_prefix","local.node_iam_role_name"]},"name_prefix":{"references":["var.node_iam_role_use_name_prefix","local.node_iam_role_name"]},"path":{"references":["var.node_iam_role_path"]},"role":{"references":["aws_iam_role.node[0].name","aws_iam_role.node[0]","aws_iam_role.node"]},"tags":{"references":["var.tags","var.node_iam_role_tags"]}},"schema_version":0,"count_expression":{"references":["local.create_node_iam_instance_profile"]}},{"address":"aws_iam_policy.infrastructure","mode":"managed","type":"aws_iam_policy","name":"infrastructure","provider_config_key":"aws","expressions":{"description":{"references":["var.infrastructure_iam_role_description"]},"name":{"references":["var.infrastructure_iam_role_use_name_prefix","local.infrastructure_iam_role_name"]},"name_prefix":{"references":["var.infrastructure_iam_role_use_name_prefix","local.infrastructure_iam_role_name"]},"policy":{"references":["data.aws_iam_policy_document.infrastructure[0].json","data.aws_iam_policy_document.infrastructure[0]","data.aws_iam_policy_document.infrastructure"]},"tags":{"references":["var.tags","var.infrastructure_iam_role_tags"]}},"schema_version":0,"count_expression":{"references":["local.create_infrastructure_iam_role"]}},{"address":"aws_iam_policy.node","mode":"managed","type":"aws_iam_policy","name":"node","provider_config_key":"aws","expressions":{"description":{"references":["var.node_iam_role_description"]},"name":{"references":["var.node_iam_role_use_name_prefix","local.node_iam_role_name"]},"name_prefix":{"references":["var.node_iam_role_use_name_prefix","local.node_iam_role_name"]},"policy":{"references":["data.aws_iam_policy_document.node[0].json","data.aws_iam_policy_document.node[0]","data.aws_iam_policy_document.node"]},"tags":{"references":["var.tags","var.node_iam_role_tags"]}},"schema_version":0,"count_expression":{"references":["local.create_node_iam_instance_profile"]}},{"address":"aws_iam_policy.task_exec","mode":"managed","type":"aws_iam_policy","name":"task_exec","provider_config_key":"aws","expressions":{"description":{"references":["var.task_exec_iam_role_description"]},"name":{"references":["var.task_exec_iam_role_use_name_prefix","local.task_exec_iam_role_name"]},"name_prefix":{"references":["var.task_exec_iam_role_use_name_prefix","local.task_exec_iam_role_name"]},"policy":{"references":["data.aws_iam_policy_document.task_exec[0].json","data.aws_iam_policy_document.task_exec[0]","data.aws_iam_policy_document.task_exec"]},"tags":{"references":["var.tags","var.task_exec_iam_role_tags"]}},"schema_version":0,"count_expression":{"references":["local.create_task_exec_policy"]}},{"address":"aws_iam_role.infrastructure","mode":"managed","type":"aws_iam_role","name":"infrastructure","provider_config_key":"aws","expressions":{"assume_role_policy":{"references":["data.aws_iam_policy_document.infrastructure_assume[0].json","data.aws_iam_policy_document.infrastructure_assume[0]","data.aws_iam_policy_document.infrastructure_assume"]},"description":{"references":["var.infrastructure_iam_role_description"]},"force_detach_policies":{"constant_value":true},"name":{"references":["var.infrastructure_iam_role_use_name_prefix","local.infrastructure_iam_role_name"]},"name_prefix":{"references":["var.infrastructure_iam_role_use_name_prefix","local.infrastructure_iam_role_name"]},"path":{"references":["var.infrastructure_iam_role_path"]},"permissions_boundary":{"references":["var.infrastructure_iam_role_permissions_boundary"]},"tags":{"references":["var.tags","var.infrastructure_iam_role_tags"]}},"schema_version":0,"count_expression":{"references":["local.create_infrastructure_iam_role"]}},{"address":"aws_iam_role.node","mode":"managed","type":"aws_iam_role","name":"node","provider_config_key":"aws","expressions":{"assume_role_policy":{"references":["data.aws_iam_policy_document.node_assume_role_policy[0].json","data.aws_iam_policy_document.node_assume_role_policy[0]","data.aws_iam_policy_document.node_assume_role_policy"]},"description":{"references":["var.node_iam_role_description","var.name"]},"force_detach_policies":{"constant_value":true},"name":{"references":["var.node_iam_role_use_name_prefix","local.node_iam_role_name"]},"name_prefix":{"references":["var.node_iam_role_use_name_prefix","local.node_iam_role_name"]},"path":{"references":["var.node_iam_role_path"]},"permissions_boundary":{"references":["var.node_iam_role_permissions_boundary"]},"tags":{"references":["var.tags","var.node_iam_role_tags"]}},"schema_version":0,"count_expression":{"references":["local.create_node_iam_instance_profile"]}},{"address":"aws_iam_role.task_exec","mode":"managed","type":"aws_iam_role","name":"task_exec","provider_config_key":"aws","expressions":{"assume_role_policy":{"references":["data.aws_iam_policy_document.task_exec_assume[0].json","data.aws_iam_policy_document.task_exec_assume[0]","data.aws_iam_policy_document.task_exec_assume"]},"description":{"references":["var.task_exec_iam_role_description","var.name"]},"force_detach_policies":{"constant_value":true},"name":{"references":["var.task_exec_iam_role_use_name_prefix","local.task_exec_iam_role_name"]},"name_prefix":{"references":["var.task_exec_iam_role_use_name_prefix","local.task_exec_iam_role_name"]},"path":{"references":["var.task_exec_iam_role_path"]},"permissions_boundary":{"references":["var.task_exec_iam_role_permissions_boundary"]},"tags":{"references":["var.tags","var.task_exec_iam_role_tags"]}},"schema_version":0,"count_expression":{"references":["local.create_task_exec_iam_role"]}},{"address":"aws_iam_role_policy_attachment.infrastructure","mode":"managed","type":"aws_iam_role_policy_attachment","name":"infrastructure","provider_config_key":"aws","expressions":{"policy_arn":{"references":["aws_iam_policy.infrastructure[0].arn","aws_iam_policy.infrastructure[0]","aws_iam_policy.infrastructure"]},"role":{"references":["aws_iam_role.infrastructure[0].name","aws_iam_role.infrastructure[0]","aws_iam_role.infrastructure"]}},"schema_version":0,"count_expression":{"references":["local.create_infrastructure_iam_role"]}},{"address":"aws_iam_role_policy_attachment.node","mode":"managed","type":"aws_iam_role_policy_attachment","name":"node","provider_config_key":"aws","expressions":{"policy_arn":{"references":["aws_iam_policy.node[0].arn","aws_iam_policy.node[0]","aws_iam_policy.node"]},"role":{"references":["aws_iam_role.node[0].name","aws_iam_role.node[0]","aws_iam_role.node"]}},"schema_version":0,"count_expression":{"references":["local.create_node_iam_instance_profile"]}},{"address":"aws_iam_role_policy_attachment.node_additional","mode":"managed","type":"aws_iam_role_policy_attachment","name":"node_additional","provider_config_key":"aws","expressions":{"policy_arn":{"references":["each.value"]},"role":{"references":["aws_iam_role.node[0].name","aws_iam_role.node[0]","aws_iam_role.node"]}},"schema_version":0,"for_each_expression":{"references":["var.node_iam_role_additional_policies","local.create_node_iam_instance_profile"]}},{"address":"aws_iam_role_policy_attachment.task_exec","mode":"managed","type":"aws_iam_role_policy_attachment","name":"task_exec","provider_config_key":"aws","expressions":{"policy_arn":{"references":["aws_iam_policy.task_exec[0].arn","aws_iam_policy.task_exec[0]","aws_iam_policy.task_exec"]},"role":{"references":["aws_iam_role.task_exec[0].name","aws_iam_role.task_exec[0]","aws_iam_role.task_exec"]}},"schema_version":0,"count_expression":{"references":["local.create_task_exec_policy"]}},{"address":"aws_iam_role_policy_attachment.task_exec_additional","mode":"managed","type":"aws_iam_role_policy_attachment","name":"task_exec_additional","provider_config_key":"aws","expressions":{"policy_arn":{"references":["each.value"]},"role":{"references":["aws_iam_role.task_exec[0].name","aws_iam_role.task_exec[0]","aws_iam_role.task_exec"]}},"schema_version":0,"for_each_expression":{"references":["var.task_exec_iam_role_policies","local.create_task_exec_iam_role"]}},{"address":"aws_security_group.this","mode":"managed","type":"aws_security_group","name":"this","provider_config_key":"aws","expressions":{"description":{"references":["var.security_group_description","aws_ecs_cluster.this[0].name","aws_ecs_cluster.this[0]","aws_ecs_cluster.this"]},"name":{"references":["var.security_group_use_name_prefix","local.security_group_name"]},"name_prefix":{"references":["var.security_group_use_name_prefix","local.security_group_name"]},"region":{"references":["var.region"]},"tags":{"references":["var.tags","local.security_group_name","var.security_group_tags"]},"vpc_id":{"references":["var.vpc_id"]}},"schema_version":1,"count_expression":{"references":["local.create_security_group"]}},{"address":"aws_vpc_security_group_egress_rule.this","mode":"managed","type":"aws_vpc_security_group_egress_rule","name":"this","provider_config_key":"aws","expressions":{"cidr_ipv4":{"references":["each.value.cidr_ipv4","each.value"]},"cidr_ipv6":{"references":["each.value.cidr_ipv6","each.value"]},"description":{"references":["each.value.description","each.value"]},"from_port":{"references":["each.value.from_port","each.value","each.value.to_port","each.value"]},"ip_protocol":{"references":["each.value.ip_protocol","each.value"]},"prefix_list_id":{"references":["each.value.prefix_list_id","each.value"]},"referenced_security_group_id":{"references":["each.value.referenced_security_group_id","each.value","aws_security_group.this[0].id","aws_security_group.this[0]","aws_security_group.this","each.value.referenced_security_group_id","each.value"]},"region":{"references":["var.region"]},"security_group_id":{"references":["aws_security_group.this[0].id","aws_security_group.this[0]","aws_security_group.this"]},"tags":{"references":["var.tags","var.security_group_tags","each.value.name","each.value","local.security_group_name","each.key","each.value.tags","each.value"]},"to_port":{"references":["each.value.to_port","each.value"]}},"schema_version":0,"for_each_expression":{"references":["var.security_group_egress_rules","var.security_group_egress_rules","local.create_security_group"]}},{"address":"aws_vpc_security_group_ingress_rule.this","mode":"managed","type":"aws_vpc_security_group_ingress_rule","name":"this","provider_config_key":"aws","expressions":{"cidr_ipv4":{"references":["each.value.cidr_ipv4","each.value"]},"cidr_ipv6":{"references":["each.value.cidr_ipv6","each.value"]},"description":{"references":["each.value.description","each.value"]},"from_port":{"references":["each.value.from_port","each.value"]},"ip_protocol":{"references":["each.value.ip_protocol","each.value"]},"prefix_list_id":{"references":["each.value.prefix_list_id","each.value"]},"referenced_security_group_id":{"references":["each.value.referenced_security_group_id","each.value","aws_security_group.this[0].id","aws_security_group.this[0]","aws_security_group.this","each.value.referenced_security_group_id","each.value"]},"region":{"references":["var.region"]},"security_group_id":{"references":["aws_security_group.this[0].id","aws_security_group.this[0]","aws_security_group.this"]},"tags":{"references":["var.tags","var.security_group_tags","each.value.name","each.value","local.security_group_name","each.key","each.value.tags","each.value"]},"to_port":{"references":["each.value.to_port","each.value","each.value.from_port","each.value"]}},"schema_version":0,"for_each_expression":{"references":["var.security_group_ingress_rules","var.security_group_ingress_rules","local.create_security_group"]}},{"address":"time_sleep.this","mode":"managed","type":"time_sleep","name":"this","provider_config_key":"module.ecs.module.cluster:time","expressions":{"create_duration":{"references":["var.cluster_capacity_providers_wait_duration"]},"triggers":{"references":["var.capacity_providers","var.capacity_providers","aws_ecs_capacity_provider.this","var.capacity_providers","aws_ecs_capacity_provider.this"]}},"schema_version":0,"count_expression":{"references":["var.create"]}},{"address":"data.aws_caller_identity.current","mode":"data","type":"aws_caller_identity","name":"current","provider_config_key":"aws","schema_version":0,"count_expression":{"references":["var.create"]}},{"address":"data.aws_iam_policy_document.infrastructure","mode":"data","type":"aws_iam_policy_document","name":"infrastructure","provider_config_key":"aws","expressions":{"override_policy_documents":{"references":["var.infrastructure_iam_role_override_policy_documents"]},"source_policy_documents":{"references":["var.infrastructure_iam_role_source_policy_documents"]},"statement":[{"actions":{"constant_value":["ec2:CreateLaunchTemplate"]},"condition":[{"test":{"constant_value":"StringEquals"},"values":{"constant_value":[true]},"variable":{"constant_value":"aws:RequestTag/AmazonECSManaged"}}],"resources":{"references":["local.partition","local.region","local.account_id"]},"sid":{"constant_value":"CreateLaunchTemplateForManagedInstances"}},{"actions":{"constant_value":["ec2:CreateLaunchTemplateVersion","ec2:ModifyLaunchTemplate"]},"condition":[{"test":{"constant_value":"StringEquals"},"values":{"constant_value":["ecs.amazonaws.com"]},"variable":{"constant_value":"ec2:ManagedResourceOperator"}}],"resources":{"references":["local.partition","local.region","local.account_id"]},"sid":{"constant_value":"CreateLaunchTemplateVersionsForManagedInstances"}},{"actions":{"constant_value":["ec2:CreateFleet"]},"condition":[{"test":{"constant_value":"StringEquals"},"values":{"constant_value":[true]},"variable":{"constant_value":"aws:RequestTag/AmazonECSManaged"}}],"resources":{"references":["local.partition","local.region","local.partition","local.region","local.partition","local.region","local.partition","local.region","local.partition","local.region"]},"sid":{"constant_value":"ProvisionEC2InstancesForManagedInstances"}},{"actions":{"constant_value":["ec2:CreateFleet"]},"resources":{"references":["local.partition","local.region","local.partition","local.region","local.partition","local.region"]},"sid":{"constant_value":"CreateFleetForSupportingResources"}},{"actions":{"constant_value":["ec2:RunInstances"]},"condition":[{"test":{"constant_value":"StringEquals"},"values":{"constant_value":[true]},"variable":{"constant_value":"aws:RequestTag/AmazonECSManaged"}}],"resources":{"references":["local.partition","local.region","local.partition","local.region","local.partition","local.region"]},"sid":{"constant_value":"RunInstancesForManagedInstances"}},{"actions":{"constant_value":["ec2:RunInstances"]},"condition":[{"test":{"constant_value":"StringEquals"},"values":{"constant_value":[true]},"variable":{"constant_value":"ec2:ResourceTag/AmazonECSManaged"}}],"resources":{"references":["local.partition","local.region"]},"sid":{"constant_value":"RunInstancesForECSManagedLaunchTemplates"}},{"actions":{"constant_value":["ec2:RunInstances"]},"resources":{"references":["local.partition","local.region","local.partition","local.region","local.partition","local.region"]},"sid":{"constant_value":"RunInstancesForSupportingResources"}},{"actions":{"constant_value":["ec2:CreateTags"]},"condition":[{"test":{"constant_value":"StringEquals"},"values":{"constant_value":["CreateFleet","CreateLaunchTemplate","RunInstances"]},"variable":{"constant_value":"ec2:CreateAction"}}],"resources":{"references":["local.partition","local.region","local.partition","local.region","local.partition","local.region","local.partition","local.region","local.partition","local.region"]},"sid":{"constant_value":"TagOnCreateEC2ResourcesForManagedInstances"}},{"actions":{"constant_value":["iam:PassRole"]},"condition":[{"test":{"constant_value":"StringEquals"},"values":{"constant_value":["ec2.amazonaws.com"]},"variable":{"constant_value":"iam:PassedToService"}}],"resources":{"references":["aws_iam_role.node[0].arn","aws_iam_role.node[0]","aws_iam_role.node"]},"sid":{"constant_value":"PassInstanceRoleForManagedInstances"}},{"actions":{"constant_value":["iam:CreateServiceLinkedRole"]},"resources":{"references":["local.partition","local.account_id"]},"sid":{"constant_value":"CreateServiceLinkedRoleForEC2Spot"}},{"actions":{"constant_value":["ec2:DescribeInstances","ec2:DescribeInstanceTypes","ec2:DescribeLaunchTemplates","ec2:DescribeNetworkInterfaces","ec2:DescribeInstanceTypeOfferings","ec2:DescribeAvailabilityZones","ec2:DescribeSecurityGroups","ec2:DescribeSubnets","ec2:DescribeVpcs"]},"resources":{"constant_value":["*"]},"sid":{"constant_value":"DescribeEC2ResourcesManagedByECS"}}]},"schema_version":0,"count_expression":{"references":["local.create_infrastructure_iam_role"]}},{"address":"data.aws_iam_policy_document.infrastructure_assume","mode":"data","type":"aws_iam_policy_document","name":"infrastructure_assume","provider_config_key":"aws","expressions":{"statement":[{"actions":{"constant_value":["sts:AssumeRole","sts:TagSession"]},"principals":[{"identifiers":{"constant_value":["ecs.amazonaws.com"]},"type":{"constant_value":"Service"}}],"sid":{"constant_value":"ECSServiceAssumeRole"}}]},"schema_version":0,"count_expression":{"references":["local.create_infrastructure_iam_role"]}},{"address":"data.aws_iam_policy_document.node","mode":"data","type":"aws_iam_policy_document","name":"node","provider_config_key":"aws","expressions":{"override_policy_documents":{"references":["var.node_iam_role_override_policy_documents"]},"source_policy_documents":{"references":["var.node_iam_role_source_policy_documents"]},"statement":[{"actions":{"constant_value":["ecs:DiscoverPollEndpoint"]},"resources":{"constant_value":["*"]},"sid":{"constant_value":"ECSAgentDiscoverPollEndpointPermissions"}},{"actions":{"constant_value":["ecs:RegisterContainerInstance"]},"resources":{"references":["aws_ecs_cluster.this[0].arn","aws_ecs_cluster.this[0]","aws_ecs_cluster.this"]},"sid":{"constant_value":"ECSAgentRegisterPermissions"}},{"actions":{"constant_value":["ecs:Poll"]},"resources":{"references":["local.partition","local.region","local.account_id"]},"sid":{"constant_value":"ECSAgentPollPermissions"}},{"actions":{"constant_value":["ecs:StartTelemetrySession","ecs:PutSystemLogEvents"]},"resources":{"references":["local.partition","local.region","local.account_id"]},"sid":{"constant_value":"ECSAgentTelemetryPermissions"}},{"actions":{"constant_value":["ecs:SubmitAttachmentStateChanges","ecs:SubmitTaskStateChange"]},"resources":{"references":["aws_ecs_cluster.this[0].arn","aws_ecs_cluster.this[0]","aws_ecs_cluster.this"]},"sid":{"constant_value":"ECSAgentStateChangePermissions"}}]},"schema_version":0,"count_expression":{"references":["local.create_node_iam_instance_profile"]}},{"address":"data.aws_iam_policy_document.node_assume_role_policy","mode":"data","type":"aws_iam_policy_document","name":"node_assume_role_policy","provider_config_key":"aws","expressions":{"statement":[{"actions":{"constant_value":["sts:AssumeRole","sts:TagSession"]},"principals":[{"identifiers":{"constant_value":["ec2.amazonaws.com"]},"type":{"constant_value":"Service"}}],"sid":{"constant_value":"ECSNodeAssumeRole"}}]},"schema_version":0,"count_expression":{"references":["local.create_node_iam_instance_profile"]}},{"address":"data.aws_iam_policy_document.task_exec","mode":"data","type":"aws_iam_policy_document","name":"task_exec","provider_config_key":"aws","expressions":{"statement":[{"actions":{"constant_value":["logs:CreateLogStream","logs:PutLogEvents"]},"resources":{"constant_value":["*"]},"sid":{"constant_value":"Logs"}},{"actions":{"constant_value":["ecr:GetAuthorizationToken","ecr:BatchCheckLayerAvailability","ecr:GetDownloadUrlForLayer","ecr:BatchGetImage"]},"resources":{"constant_value":["*"]},"sid":{"constant_value":"ECR"}}]},"schema_version":0,"count_expression":{"references":["local.create_task_exec_policy"]}},{"address":"data.aws_iam_policy_document.task_exec_assume","mode":"data","type":"aws_iam_policy_document","name":"task_exec_assume","provider_config_key":"aws","expressions":{"statement":[{"actions":{"constant_value":["sts:AssumeRole"]},"principals":[{"identifiers":{"constant_value":["ecs-tasks.amazonaws.com"]},"type":{"constant_value":"Service"}}],"sid":{"constant_value":"ECSTaskExecutionAssumeRole"}}]},"schema_version":0,"count_expression":{"references":["local.create_task_exec_iam_role"]}},{"address":"data.aws_partition.current","mode":"data","type":"aws_partition","name":"current","provider_config_key":"aws","schema_version":0,"count_expression":{"references":["var.create"]}},{"address":"data.aws_region.current","mode":"data","type":"aws_region","name":"current","provider_config_key":"aws","expressions":{"region":{"references":["var.region"]}},"schema_version":0,"count_expression":{"references":["var.create"]}}],"variables":{"capacity_providers":{"default":null,"description":"Map of capacity provider definitions to create"},"cloudwatch_log_group_class":{"default":null,"description":"Specified the log class of the log group. Possible values are: `STANDARD` or `INFREQUENT_ACCESS`"},"cloudwatch_log_group_kms_key_id":{"default":null,"description":"If a KMS Key ARN is set, this key will be used to encrypt the corresponding log group. Please be sure that the KMS Key has an appropriate key policy (https://docs.aws.amazon.com/AmazonCloudWatch/latest/logs/encrypt-log-data-kms.html)"},"cloudwatch_log_group_name":{"default":null,"description":"Custom name of CloudWatch Log Group for ECS cluster"},"cloudwatch_log_group_retention_in_days":{"default":90,"description":"Number of days to retain log events"},"cloudwatch_log_group_tags":{"default":{},"description":"A map of additional tags to add to the log group created"},"cluster_capacity_providers":{"default":[],"description":"List of capacity provider names to associate with the ECS cluster. Note: any capacity providers created by this module will be automatically added"},"cluster_capacity_providers_wait_duration":{"default":"20s","description":"Duration to wait after the ECS cluster has become active before attaching the cluster capacity providers"},"configuration":{"default":{"execute_command_configuration":{"kms_key_id":null,"log_configuration":{"cloud_watch_encryption_enabled":null,"cloud_watch_log_group_name":"placeholder","s3_bucket_encryption_enabled":null,"s3_bucket_name":null,"s3_key_prefix":null,"s3_kms_key_id":null},"logging":"OVERRIDE"},"managed_storage_configuration":null},"description":"The execute command configuration for the cluster"},"create":{"default":true,"description":"Determines whether resources will be created (affects all resources)"},"create_cloudwatch_log_group":{"default":true,"description":"Determines whether a log group is created by this module for the cluster logs. If not, AWS will automatically create one if logging is enabled"},"create_infrastructure_iam_role":{"default":true,"description":"Determines whether the ECS infrastructure IAM role should be created"},"create_node_iam_instance_profile":{"default":true,"description":"Determines whether an IAM instance profile is created or to use an existing IAM instance profile"},"create_security_group":{"default":true,"description":"Determines if a security group is created"},"create_task_exec_iam_role":{"default":false,"description":"Determines whether the ECS task definition IAM role should be created"},"create_task_exec_policy":{"default":true,"description":"Determines whether the ECS task definition IAM policy should be created. This includes permissions included in AmazonECSTaskExecutionRolePolicy as well as access to secrets and SSM parameters"},"default_capacity_provider_strategy":{"default":{},"description":"Map of default capacity provider strategy definitions to use for the cluster"},"disable_v7_default_name_description":{"default":false,"description":"[DEPRECATED - will be removed in v8.0] Determines whether to disable the default postfix added to resource names and descriptions added in v7.0"},"infrastructure_iam_role_description":{"default":null,"description":"Description of the role"},"infrastructure_iam_role_name":{"default":null,"description":"Name to use on IAM role created"},"infrastructure_iam_role_override_policy_documents":{"default":[],"description":"List of IAM policy documents that are merged together into the exported document. In merging, statements with non-blank `sid`s will override statements with the same `sid`"},"infrastructure_iam_role_path":{"default":null,"description":"IAM role path"},"infrastructure_iam_role_permissions_boundary":{"default":null,"description":"ARN of the policy that is used to set the permissions boundary for the IAM role"},"infrastructure_iam_role_source_policy_documents":{"default":[],"description":"List of IAM policy documents that are merged together into the exported document. Statements must have unique `sid`s"},"infrastructure_iam_role_statements":{"default":null,"description":"A map of IAM policy [statements](https://registry.terraform.io/providers/hashicorp/aws/latest/docs/data-sources/iam_policy_document#statement) for custom permission usage"},"infrastructure_iam_role_tags":{"default":{},"description":"A map of additional tags to add to the IAM role created"},"infrastructure_iam_role_use_name_prefix":{"default":true,"description":"Determines whether the IAM role name (`iam_role_name`) is used as a prefix"},"name":{"default":"","description":"Name of the cluster (up to 255 letters, numbers, hyphens, and underscores)"},"node_iam_role_additional_policies":{"default":{},"description":"Additional policies to be added to the IAM role"},"node_iam_role_description":{"default":"ECS Managed Instances node IAM role","description":"Description of the role"},"node_iam_role_name":{"default":null,"description":"Name to use on IAM role/instance profile created"},"node_iam_role_override_policy_documents":{"default":[],"description":"List of IAM policy documents that are merged together into the exported document. In merging, statements with non-blank `sid`s will override statements with the same `sid`"},"node_iam_role_path":{"default":null,"description":"IAM role/instance profile path"},"node_iam_role_permissions_boundary":{"default":null,"description":"ARN of the policy that is used to set the permissions boundary for the IAM role"},"node_iam_role_source_policy_documents":{"default":[],"description":"List of IAM policy documents that are merged together into the exported document. Statements must have unique `sid`s"},"node_iam_role_statements":{"default":null,"description":"A map of IAM policy [statements](https://registry.terraform.io/providers/hashicorp/aws/latest/docs/data-sources/iam_policy_document#statement) for custom permission usage"},"node_iam_role_tags":{"default":{},"description":"A map of additional tags to add to the IAM role/instance profile created"},"node_iam_role_use_name_prefix":{"default":true,"description":"Determines whether the IAM role/instance profile name (`node_iam_role_name`) is used as a prefix"},"region":{"default":null,"description":"Region where the resource(s) will be managed. Defaults to the Region set in the provider configuration"},"security_group_description":{"default":null,"description":"Description of the security group created"},"security_group_egress_rules":{"default":{"all_ipv4":{"cidr_ipv4":"0.0.0.0/0","cidr_ipv6":null,"description":"Allow all IPv4 traffic","from_port":null,"ip_protocol":"-1","name":null,"prefix_list_id":null,"referenced_security_group_id":null,"tags":{},"to_port":null},"all_ipv6":{"cidr_ipv4":null,"cidr_ipv6":"::/0","description":"Allow all IPv6 traffic","from_port":null,"ip_protocol":"-1","name":null,"prefix_list_id":null,"referenced_security_group_id":null,"tags":{},"to_port":null}},"description":"Security group egress rules to add to the security group created"},"security_group_ingress_rules":{"default":{},"description":"Security group ingress rules to add to the security group created"},"security_group_name":{"default":null,"description":"Name to use on security group created"},"security_group_tags":{"default":{},"description":"A map of additional tags to add to the security group created"},"security_group_use_name_prefix":{"default":true,"description":"Determines whether the security group name (`security_group_name`) is used as a prefix"},"service_connect_defaults":{"default":null,"description":"Configures a default Service Connect namespace"},"setting":{"default":[{"name":"containerInsights","value":"enabled"}],"description":"List of configuration block(s) with cluster settings. For example, this can be used to enable CloudWatch Container Insights for a cluster"},"tags":{"default":{},"description":"A map of tags to add to all resources"},"task_exec_iam_role_description":{"default":null,"description":"Description of the role"},"task_exec_iam_role_name":{"default":null,"description":"Name to use on IAM role created"},"task_exec_iam_role_path":{"default":null,"description":"IAM role path"},"task_exec_iam_role_permissions_boundary":{"default":null,"description":"ARN of the policy that is used to set the permissions boundary for the IAM role"},"task_exec_iam_role_policies":{"default":{},"description":"Map of IAM role policy ARNs to attach to the IAM role"},"task_exec_iam_role_tags":{"default":{},"description":"A map of additional tags to add to the IAM role created"},"task_exec_iam_role_use_name_prefix":{"default":true,"description":"Determines whether the IAM role name (`task_exec_iam_role_name`) is used as a prefix"},"task_exec_iam_statements":{"default":null,"description":"A map of IAM policy [statements](https://registry.terraform.io/providers/hashicorp/aws/latest/docs/data-sources/iam_policy_document#statement) for custom permission usage"},"task_exec_secret_arns":{"default":[],"description":"List of SecretsManager secret ARNs the task execution role will be permitted to get/read"},"task_exec_ssm_param_arns":{"default":[],"description":"List of SSM parameter ARNs the task execution role will be permitted to get/read"},"vpc_id":{"default":null,"description":"The ID of the VPC where the security group will be created"}}}},"service":{"source":"./modules/service","expressions":{"alarms":{"references":["each.value.alarms","each.value"]},"assign_public_ip":{"references":["each.value.assign_public_ip","each.value"]},"autoscaling_max_capacity":{"references":["each.value.autoscaling_max_capacity","each.value"]},"autoscaling_min_capacity":{"references":["each.value.autoscaling_min_capacity","each.value"]},"autoscaling_policies":{"references":["each.value.autoscaling_policies","each.value"]},"autoscaling_scheduled_actions":{"references":["each.value.autoscaling_scheduled_actions","each.value"]},"autoscaling_suspended_state":{"references":["each.value.autoscaling_suspended_state","each.value"]},"availability_zone_rebalancing":{"references":["each.value.availability_zone_rebalancing","each.value"]},"capacity_provider_strategy":{"references":["each.value.capacity_provider_strategy","each.value"]},"cluster_arn":{"references":["module.cluster.arn","module.cluster"]},"container_definitions":{"references":["each.value.container_definitions","each.value"]},"cpu":{"references":["each.value.cpu","each.value"]},"create":{"references":["each.value.create","each.value"]},"create_iam_role":{"references":["each.value.create_iam_role","each.value"]},"create_infrastructure_iam_role":{"references":["each.value.create_infrastructure_iam_role","each.value"]},"create_security_group":{"references":["each.value.create_security_group","each.value"]},"create_service":{"references":["each.value.create_service","each.value"]},"create_task_definition":{"references":["each.value.create_task_definition","each.value"]},"create_task_exec_iam_role":{"references":["each.value.create_task_exec_iam_role","each.value"]},"create_task_exec_policy":{"references":["each.value.create_task_exec_policy","each.value"]},"create_tasks_iam_role":{"references":["each.value.create_tasks_iam_role","each.value"]},"deployment_circuit_breaker":{"references":["each.value.deployment_circuit_breaker","each.value"]},"deployment_configuration":{"references":["each.value.deployment_configuration","each.value"]},"deployment_controller":{"references":["each.value.deployment_controller","each.value"]},"deployment_maximum_percent":{"references":["each.value.deployment_maximum_percent","each.value"]},"deployment_minimum_healthy_percent":{"references":["each.value.deployment_minimum_healthy_percent","each.value"]},"desired_count":{"references":["each.value.desired_count","each.value"]},"disable_v7_default_name_description":{"references":["var.disable_v7_default_name_description"]},"enable_autoscaling":{"references":["each.value.enable_autoscaling","each.value"]},"enable_ecs_managed_tags":{"references":["each.value.enable_ecs_managed_tags","each.value"]},"enable_execute_command":{"references":["each.value.enable_execute_command","each.value"]},"enable_fault_injection":{"references":["each.value.enable_fault_injection","each.value"]},"ephemeral_storage":{"references":["each.value.ephemeral_storage","each.value"]},"external_id":{"references":["each.value.external_id","each.value"]},"family":{"references":["each.value.family","each.value"]},"force_delete":{"references":["each.value.force_delete","each.value"]},"force_new_deployment":{"references":["each.value.force_new_deployment","each.value"]},"health_check_grace_period_seconds":{"references":["each.value.health_check_grace_period_seconds","each.value"]},"iam_role_arn":{"references":["each.value.iam_role_arn","each.value"]},"iam_role_description":{"references":["each.value.iam_role_description","each.value"]},"iam_role_name":{"references":["each.value.iam_role_name","each.value"]},"iam_role_path":{"references":["each.value.iam_role_path","each.value"]},"iam_role_permissions_boundary":{"references":["each.value.iam_role_permissions_boundary","each.value"]},"iam_role_statements":{"references":["each.value.iam_role_statements","each.value"]},"iam_role_tags":{"references":["each.value.iam_role_tags","each.value"]},"iam_role_use_name_prefix":{"references":["each.value.iam_role_use_name_prefix","each.value"]},"ignore_task_definition_changes":{"references":["each.value.ignore_task_definition_changes","each.value"]},"infrastructure_iam_role_arn":{"references":["each.value.infrastructure_iam_role_arn","each.value"]},"infrastructure_iam_role_description":{"references":["each.value.infrastructure_iam_role_description","each.value"]},"infrastructure_iam_role_name":{"references":["each.value.infrastructure_iam_role_name","each.value"]},"infrastructure_iam_role_path":{"references":["each.value.infrastructure_iam_role_path","each.value"]},"infrastructure_iam_role_permissions_boundary":{"references":["each.value.infrastructure_iam_role_permissions_boundary","each.value"]},"infrastructure_iam_role_tags":{"references":["each.value.infrastructure_iam_role_tags","each.value"]},"infrastructure_iam_role_use_name_prefix":{"references":["each.value.infrastructure_iam_role_use_name_prefix","each.value"]},"ipc_mode":{"references":["each.value.ipc_mode","each.value"]},"launch_type":{"references":["each.value.launch_type","each.value"]},"load_balancer":{"references":["each.value.load_balancer","each.value"]},"memory":{"references":["each.value.memory","each.value"]},"name":{"references":["each.value.name","each.value","each.key"]},"network_mode":{"references":["each.value.network_mode","each.value"]},"ordered_placement_strategy":{"references":["each.value.ordered_placement_strategy","each.value"]},"pid_mode":{"references":["each.value.pid_mode","each.value"]},"placement_constraints":{"references":["each.value.placement_constraints","each.value"]},"platform_version":{"references":["each.value.platform_version","each.value"]},"propagate_tags":{"references":["each.value.propagate_tags","each.value"]},"proxy_configuration":{"references":["each.value.proxy_configuration","each.value"]},"region":{"references":["var.region"]},"requires_compatibilities":{"references":["each.value.requires_compatibilities","each.value"]},"runtime_platform":{"references":["each.value.runtime_platform","each.value"]},"scale":{"references":["each.value.scale","each.value"]},"scheduling_strategy":{"references":["each.value.scheduling_strategy","each.value"]},"security_group_description":{"references":["each.value.security_group_description","each.value"]},"security_group_egress_rules":{"references":["each.value.security_group_egress_rules","each.value"]},"security_group_ids":{"references":["each.value.security_group_ids","each.value"]},"security_group_ingress_rules":{"references":["each.value.security_group_ingress_rules","each.value"]},"security_group_name":{"references":["each.value.security_group_name","each.value"]},"security_group_tags":{"references":["each.value.security_group_tags","each.value"]},"security_group_use_name_prefix":{"references":["each.value.security_group_use_name_prefix","each.value"]},"service_connect_configuration":{"references":["each.value.service_connect_configuration","each.value"]},"service_registries":{"references":["each.value.service_registries","each.value"]},"service_tags":{"references":["each.value.service_tags","each.value"]},"sigint_rollback":{"references":["each.value.sigint_rollback","each.value"]},"skip_destroy":{"references":["each.value.skip_destroy","each.value"]},"subnet_ids":{"references":["each.value.subnet_ids","each.value"]},"tags":{"references":["var.tags","each.value.tags","each.value"]},"task_definition_arn":{"references":["each.value.task_definition_arn","each.value"]},"task_definition_placement_constraints":{"references":["each.value.task_definition_placement_constraints","each.value"]},"task_exec_iam_policy_path":{"references":["each.value.task_exec_iam_policy_path","each.value"]},"task_exec_iam_role_arn":{"references":["each.value.task_exec_iam_role_arn","each.value","module.cluster.task_exec_iam_role_arn","module.cluster"]},"task_exec_iam_role_description":{"references":["each.value.task_exec_iam_role_description","each.value"]},"task_exec_iam_role_max_session_duration":{"references":["each.value.task_exec_iam_role_max_session_duration","each.value"]},"task_exec_iam_role_name":{"references":["each.value.task_exec_iam_role_name","each.value"]},"task_exec_iam_role_path":{"references":["each.value.task_exec_iam_role_path","each.value"]},"task_exec_iam_role_permissions_boundary":{"references":["each.value.task_exec_iam_role_permissions_boundary","each.value"]},"task_exec_iam_role_policies":{"references":["each.value.task_exec_iam_role_policies","each.value"]},"task_exec_iam_role_tags":{"references":["each.value.task_exec_iam_role_tags","each.value"]},"task_exec_iam_role_use_name_prefix":{"references":["each.value.task_exec_iam_role_use_name_prefix","each.value"]},"task_exec_iam_statements":{"references":["each.value.task_exec_iam_statements","each.value"]},"task_exec_secret_arns":{"references":["each.value.task_exec_secret_arns","each.value"]},"task_exec_ssm_param_arns":{"references":["each.value.task_exec_ssm_param_arns","each.value"]},"task_tags":{"references":["each.value.task_tags","each.value"]},"tasks_iam_role_arn":{"references":["each.value.tasks_iam_role_arn","each.value"]},"tasks_iam_role_description":{"references":["each.value.tasks_iam_role_description","each.value"]},"tasks_iam_role_max_session_duration":{"references":["each.value.tasks_iam_role_max_session_duration","each.value"]},"tasks_iam_role_name":{"references":["each.value.tasks_iam_role_name","each.value"]},"tasks_iam_role_path":{"references":["each.value.tasks_iam_role_path","each.value"]},"tasks_iam_role_permissions_boundary":{"references":["each.value.tasks_iam_role_permissions_boundary","each.value"]},"tasks_iam_role_policies":{"references":["each.value.tasks_iam_role_policies","each.value"]},"tasks_iam_role_statements":{"references":["each.value.tasks_iam_role_statements","each.value"]},"tasks_iam_role_tags":{"references":["each.value.tasks_iam_role_tags","each.value"]},"tasks_iam_role_use_name_prefix":{"references":["each.value.tasks_iam_role_use_name_prefix","each.value"]},"timeouts":{"references":["each.value.timeouts","each.value"]},"track_latest":{"references":["each.value.track_latest","each.value"]},"triggers":{"references":["each.value.triggers","each.value"]},"volume":{"references":["each.value.volume","each.value"]},"volume_configuration":{"references":["each.value.volume_configuration","each.value"]},"vpc_id":{"references":["each.value.vpc_id","each.value"]},"vpc_lattice_configurations":{"references":["each.value.vpc_lattice_configurations","each.value"]},"wait_for_steady_state":{"references":["each.value.wait_for_steady_state","each.value"]},"wait_until_stable":{"references":["each.value.wait_until_stable","each.value"]},"wait_until_stable_timeout":{"references":["each.value.wait_until_stable_timeout","each.value"]}},"for_each_expression":{"references":["var.create","var.services","var.services"]},"module":{"outputs":{"autoscaling_policies":{"expression":{"references":["aws_appautoscaling_policy.this"]},"description":"Map of autoscaling policies and their attributes"},"autoscaling_scheduled_actions":{"expression":{"references":["aws_appautoscaling_scheduled_action.this"]},"description":"Map of autoscaling scheduled actions and their attributes"},"container_definitions":{"expression":{"references":["module.container_definition"]},"description":"Container definitions"},"iam_role_arn":{"expression":{"references":["aws_iam_role.service[0].arn","aws_iam_role.service[0]","aws_iam_role.service","var.iam_role_arn"]},"description":"Service IAM role ARN"},"iam_role_name":{"expression":{"references":["aws_iam_role.service[0].name","aws_iam_role.service[0]","aws_iam_role.service"]},"description":"Service IAM role name"},"iam_role_unique_id":{"expression":{"references":["aws_iam_role.service[0].unique_id","aws_iam_role.service[0]","aws_iam_role.service"]},"description":"Stable and unique string identifying the service IAM role"},"id":{"expression":{"references":["aws_ecs_service.this[0].id","aws_ecs_service.this[0]","aws_ecs_service.this","aws_ecs_service.ignore_task_definition[0].id","aws_ecs_service.ignore_task_definition[0]","aws_ecs_service.ignore_task_definition"]},"description":"ARN that identifies the service"},"infrastructure_iam_role_arn":{"expression":{"references":["aws_iam_role.infrastructure_iam_role[0].arn","aws_iam_role.infrastructure_iam_role[0]","aws_iam_role.infrastructure_iam_role"]},"description":"Infrastructure IAM role ARN"},"infrastructure_iam_role_name":{"expression":{"references":["aws_iam_role.infrastructure_iam_role[0].name","aws_iam_role.infrastructure_iam_role[0]","aws_iam_role.infrastructure_iam_role"]},"description":"Infrastructure IAM role name"},"name":{"expression":{"references":["aws_ecs_service.this[0].name","aws_ecs_service.this[0]","aws_ecs_service.this","aws_ecs_service.ignore_task_definition[0].name","aws_ecs_service.ignore_task_definition[0]","aws_ecs_service.ignore_task_definition"]},"description":"Name of the service"},"security_group_arn":{"expression":{"references":["aws_security_group.this[0].arn","aws_security_group.this[0]","aws_security_group.this"]},"description":"Amazon Resource Name (ARN) of the security group"},"security_group_id":{"expression":{"references":["aws_security_group.this[0].id","aws_security_group.this[0]","aws_security_group.this"]},"description":"ID of the security group"},"task_definition_arn":{"expression":{"references":["aws_ecs_task_definition.this[0].arn","aws_ecs_task_definition.this[0]","aws_ecs_task_definition.this","var.task_definition_arn"]},"description":"Full ARN of the Task Definition (including both `family` and `revision`)"},"task_definition_family":{"expression":{"references":["aws_ecs_task_definition.this[0].family","aws_ecs_task_definition.this[0]","aws_ecs_task_definition.this"]},"description":"The unique name of the task definition"},"task_definition_revision":{"expression":{"references":["aws_ecs_task_definition.this[0].revision","aws_ecs_task_definition.this[0]","aws_ecs_task_definition.this"]},"description":"Revision of the task in a particular family"},"task_exec_iam_role_arn":{"expression":{"references":["aws_iam_role.task_exec[0].arn","aws_iam_role.task_exec[0]","aws_iam_role.task_exec","var.task_exec_iam_role_arn"]},"description":"Task execution IAM role ARN"},"task_exec_iam_role_name":{"expression":{"references":["aws_iam_role.task_exec[0].name","aws_iam_role.task_exec[0]","aws_iam_role.task_exec"]},"description":"Task execution IAM role name"},"task_exec_iam_role_unique_id":{"expression":{"references":["aws_iam_role.task_exec[0].unique_id","aws_iam_role.task_exec[0]","aws_iam_role.task_exec"]},"description":"Stable and unique string identifying the task execution IAM role"},"task_set_arn":{"expression":{"references":["aws_ecs_task_set.this[0].arn","aws_ecs_task_set.this[0]","aws_ecs_task_set.this","aws_ecs_task_set.ignore_task_definition[0].arn","aws_ecs_task_set.ignore_task_definition[0]","aws_ecs_task_set.ignore_task_definition"]},"description":"The Amazon Resource Name (ARN) that identifies the task set"},"task_set_id":{"expression":{"references":["aws_ecs_task_set.this[0].task_set_id","aws_ecs_task_set.this[0]","aws_ecs_task_set.this","aws_ecs_task_set.ignore_task_definition[0].task_set_id","aws_ecs_task_set.ignore_task_definition[0]","aws_ecs_task_set.ignore_task_definition"]},"description":"The ID of the task set"},"task_set_stability_status":{"expression":{"references":["aws_ecs_task_set.this[0].stability_status","aws_ecs_task_set.this[0]","aws_ecs_task_set.this","aws_ecs_task_set.ignore_task_definition[0].stability_status","aws_ecs_task_set.ignore_task_definition[0]","aws_ecs_task_set.ignore_task_definition"]},"description":"The stability status. This indicates whether the task set has reached a steady state"},"task_set_status":{"expression":{"references":["aws_ecs_task_set.this[0].status","aws_ecs_task_set.this[0]","aws_ecs_task_set.this","aws_ecs_task_set.ignore_task_definition[0].status","aws_ecs_task_set.ignore_task_definition[0]","aws_ecs_task_set.ignore_task_definition"]},"description":"The status of the task set"},"tasks_iam_role_arn":{"expression":{"references":["aws_iam_role.tasks[0].arn","aws_iam_role.tasks[0]","aws_iam_role.tasks","var.tasks_iam_role_arn"]},"description":"Tasks IAM role ARN"},"tasks_iam_role_name":{"expression":{"references":["aws_iam_role.tasks[0].name","aws_iam_role.tasks[0]","aws_iam_role.tasks"]},"description":"Tasks IAM role name"},"tasks_iam_role_unique_id":{"expression":{"references":["aws_iam_role.tasks[0].unique_id","aws_iam_role.tasks[0]","aws_iam_role.tasks"]},"description":"Stable and unique string identifying the tasks IAM role"}},"resources":[{"address":"aws_appautoscaling_policy.this","mode":"managed","type":"aws_appautoscaling_policy","name":"this","provider_config_key":"aws","expressions":{"name":{"references":["each.value.name","each.value","each.key"]},"policy_type":{"references":["each.value.policy_type","each.value"]},"region":{"references":["var.region"]},"resource_id":{"references":["aws_appautoscaling_target.this[0].resource_id","aws_appautoscaling_target.this[0]","aws_appautoscaling_target.this"]},"scalable_dimension":{"references":["aws_appautoscaling_target.this[0].scalable_dimension","aws_appautoscaling_target.this[0]","aws_appautoscaling_target.this"]},"service_namespace":{"references":["aws_appautoscaling_target.this[0].service_namespace","aws_appautoscaling_target.this[0]","aws_appautoscaling_target.this"]}},"schema_version":0,"for_each_expression":{"references":["var.autoscaling_policies","local.enable_autoscaling"]}},{"address":"aws_appautoscaling_scheduled_action.this","mode":"managed","type":"aws_appautoscaling_scheduled_action","name":"this","provider_config_key":"aws","expressions":{"end_time":{"references":["each.value.end_time","each.value"]},"name":{"references":["each.value.name","each.value","each.key"]},"region":{"references":["var.region"]},"resource_id":{"references":["aws_appautoscaling_target.this[0].resource_id","aws_appautoscaling_target.this[0]","aws_appautoscaling_target.this"]},"scalable_dimension":{"references":["aws_appautoscaling_target.this[0].scalable_dimension","aws_appautoscaling_target.this[0]","aws_appautoscaling_target.this"]},"scalable_target_action":[{"max_capacity":{"references":["each.value.max_capacity","each.value"]},"min_capacity":{"references":["each.value.min_capacity","each.value"]}}],"schedule":{"references":["each.value.schedule","each.value"]},"service_namespace":{"references":["aws_appautoscaling_target.this[0].service_namespace","aws_appautoscaling_target.this[0]","aws_appautoscaling_target.this"]},"start_time":{"references":["each.value.start_time","each.value"]},"timezone":{"references":["each.value.timezone","each.value"]}},"schema_version":0,"for_each_expression":{"references":["local.enable_autoscaling","var.autoscaling_scheduled_actions","var.autoscaling_scheduled_actions"]}},{"address":"aws_appautoscaling_target.this","mode":"managed","type":"aws_appautoscaling_target","name":"this","provider_config_key":"aws","expressions":{"max_capacity":{"references":["var.autoscaling_max_capacity","var.desired_count"]},"min_capacity":{"references":["var.autoscaling_min_capacity","var.desired_count"]},"region":{"references":["var.region"]},"resource_id":{"references":["local.cluster_name","aws_ecs_service.this[0].name","aws_ecs_service.this[0]","aws_ecs_service.this","aws_ecs_service.ignore_task_definition[0].name","aws_ecs_service.ignore_task_definition[0]","aws_ecs_service.ignore_task_definition"]},"scalable_dimension":{"constant_value":"ecs:service:DesiredCount"},"service_namespace":{"constant_value":"ecs"},"tags":{"references":["var.tags"]}},"schema_version":0,"count_expression":{"references":["local.enable_autoscaling"]}},{"address":"aws_ecs_service.ignore_task_definition","mode":"managed","type":"aws_ecs_service","name":"ignore_task_definition","provider_config_key":"aws","expressions":{"availability_zone_rebalancing":{"references":["var.availability_zone_rebalancing"]},"cluster":{"references":["var.cluster_arn"]},"deployment_maximum_percent":{"references":["local.is_daemon","local.is_external_deployment","var.deployment_maximum_percent"]},"deployment_minimum_healthy_percent":{"references":["local.is_daemon","local.is_external_deployment","var.deployment_minimum_healthy_percent"]},"desired_count":{"references":["local.is_daemon","local.is_external_deployment","var.desired_count"]},"enable_ecs_managed_tags":{"references":["var.enable_ecs_managed_tags"]},"enable_execute_command":{"references":["var.enable_execute_command"]},"force_delete":{"references":["var.force_delete"]},"force_new_deployment":{"references":["local.is_external_deployment","var.force_new_deployment"]},"health_check_grace_period_seconds":{"references":["var.health_check_grace_period_seconds"]},"iam_role":{"references":["local.iam_role_arn"]},"launch_type":{"references":["local.is_external_deployment","var.capacity_provider_strategy","var.launch_type"]},"name":{"references":["var.name"]},"platform_version":{"references":["local.is_fargate","local.is_external_deployment","var.platform_version"]},"propagate_tags":{"references":["var.propagate_tags"]},"region":{"references":["var.region"]},"scheduling_strategy":{"references":["local.is_fargate","var.scheduling_strategy"]},"sigint_rollback":{"references":["var.deployment_configuration.strategy","var.deployment_configuration","var.sigint_rollback"]},"tags":{"references":["var.tags","var.service_tags"]},"task_definition":{"references":["local.task_definition"]},"triggers":{"references":["var.triggers"]},"wait_for_steady_state":{"references":["var.wait_for_steady_state"]}},"schema_version":1,"count_expression":{"references":["local.create_service","var.ignore_task_definition_changes"]},"depends_on":["aws_iam_role_policy_attachment.service","aws_iam_role_policy_attachment.infrastructure_iam_role_ebs_policy","aws_vpc_security_group_ingress_rule.this","aws_vpc_security_group_egress_rule.this"]},{"address":"aws_ecs_service.this","mode":"managed","type":"aws_ecs_service","name":"this","provider_config_key":"aws","expressions":{"availability_zone_rebalancing":{"references":["var.availability_zone_rebalancing"]},"cluster":{"references":["var.cluster_arn"]},"deployment_maximum_percent":{"references":["local.is_daemon","local.is_external_deployment","var.deployment_maximum_percent"]},"deployment_minimum_healthy_percent":{"references":["local.is_daemon","local.is_external_deployment","var.deployment_minimum_healthy_percent"]},"desired_count":{"references":["local.is_daemon","local.is_external_deployment","var.desired_count"]},"enable_ecs_managed_tags":{"references":["var.enable_ecs_managed_tags"]},"enable_execute_command":{"references":["var.enable_execute_command"]},"force_delete":{"references":["var.force_delete"]},"force_new_deployment":{"references":["local.is_external_deployment","var.force_new_deployment"]},"health_check_grace_period_seconds":{"references":["var.health_check_grace_period_seconds"]},"iam_role":{"references":["local.iam_role_arn"]},"launch_type":{"references":["local.is_external_deployment","var.capacity_provider_strategy","var.launch_type"]},"name":{"references":["var.name"]},"platform_version":{"references":["local.is_fargate","local.is_external_deployment","var.platform_version"]},"propagate_tags":{"references":["var.propagate_tags"]},"region":{"references":["var.region"]},"scheduling_strategy":{"references":["local.is_fargate","var.scheduling_strategy"]},"sigint_rollback":{"references":["var.deployment_configuration.strategy","var.deployment_configuration","var.sigint_rollback"]},"tags":{"references":["var.tags","var.service_tags"]},"task_definition":{"references":["local.task_definition"]},"triggers":{"references":["var.triggers"]},"wait_for_steady_state":{"references":["var.wait_for_steady_state"]}},"schema_version":1,"count_expression":{"references":["local.create_service","var.ignore_task_definition_changes"]},"depends_on":["aws_iam_role_policy_attachment.service","aws_iam_role_policy_attachment.infrastructure_iam_role_ebs_policy","aws_vpc_security_group_ingress_rule.this","aws_vpc_security_group_egress_rule.this"]},{"address":"aws_ecs_task_definition.this","mode":"managed","type":"aws_ecs_task_definition","name":"this","provider_config_key":"aws","expressions":{"container_definitions":{"references":["module.container_definition"]},"cpu":{"references":["var.cpu"]},"enable_fault_injection":{"references":["var.enable_fault_injection"]},"execution_role_arn":{"references":["aws_iam_role.task_exec[0].arn","aws_iam_role.task_exec[0]","aws_iam_role.task_exec","var.task_exec_iam_role_arn"]},"family":{"references":["var.family","var.name"]},"ipc_mode":{"references":["var.ipc_mode"]},"memory":{"references":["var.memory"]},"network_mode":{"references":["var.network_mode"]},"pid_mode":{"references":["var.pid_mode"]},"region":{"references":["var.region"]},"requires_compatibilities":{"references":["var.requires_compatibilities"]},"skip_destroy":{"references":["var.skip_destroy"]},"tags":{"references":["var.tags","var.task_tags"]},"task_role_arn":{"references":["aws_iam_role.tasks[0].arn","aws_iam_role.tasks[0]","aws_iam_role.tasks","var.tasks_iam_role_arn"]},"track_latest":{"references":["var.track_latest"]}},"schema_version":1,"count_expression":{"references":["local.create_task_definition"]},"depends_on":["aws_iam_role_policy_attachment.tasks","aws_iam_role_policy_attachment.task_exec","aws_iam_role_policy_attachment.task_exec_additional"]},{"address":"aws_ecs_task_set.ignore_task_definition","mode":"managed","type":"aws_ecs_task_set","name":"ignore_task_definition","provider_config_key":"aws","expressions":{"cluster":{"references":["var.cluster_arn"]},"external_id":{"references":["var.external_id"]},"force_delete":{"references":["var.force_delete"]},"launch_type":{"references":["var.capacity_provider_strategy","var.launch_type"]},"platform_version":{"references":["local.is_fargate","var.platform_version"]},"region":{"references":["var.region"]},"service":{"references":["aws_ecs_service.this[0].id","aws_ecs_service.this[0]","aws_ecs_service.this","aws_ecs_service.ignore_task_definition[0].id","aws_ecs_service.ignore_task_definition[0]","aws_ecs_service.ignore_task_definition"]},"tags":{"references":["var.tags","var.task_tags"]},"task_definition":{"references":["local.task_definition"]},"wait_until_stable":{"references":["var.wait_until_stable"]},"wait_until_stable_timeout":{"references":["var.wait_until_stable_timeout"]}},"schema_version":0,"count_expression":{"references":["local.create_task_definition","local.is_external_deployment","var.ignore_task_definition_changes"]}},{"address":"aws_ecs_task_set.this","mode":"managed","type":"aws_ecs_task_set","name":"this","provider_config_key":"aws","expressions":{"cluster":{"references":["var.cluster_arn"]},"external_id":{"references":["var.external_id"]},"force_delete":{"references":["var.force_delete"]},"launch_type":{"references":["var.capacity_provider_strategy","var.launch_type"]},"platform_version":{"references":["local.is_fargate","var.platform_version"]},"region":{"references":["var.region"]},"service":{"references":["aws_ecs_service.this[0].id","aws_ecs_service.this[0]","aws_ecs_service.this","aws_ecs_service.ignore_task_definition[0].id","aws_ecs_service.ignore_task_definition[0]","aws_ecs_service.ignore_task_definition"]},"tags":{"references":["var.tags","var.task_tags"]},"task_definition":{"references":["local.task_definition"]},"wait_until_stable":{"references":["var.wait_until_stable"]},"wait_until_stable_timeout":{"references":["var.wait_until_stable_timeout"]}},"schema_version":0,"count_expression":{"references":["local.create_task_definition","local.is_external_deployment","var.ignore_task_definition_changes"]}},{"address":"aws_iam_policy.service","mode":"managed","type":"aws_iam_policy","name":"service","provider_config_key":"aws","expressions":{"description":{"references":["var.iam_role_description"]},"name":{"references":["var.iam_role_use_name_prefix","local.iam_role_name"]},"name_prefix":{"references":["var.iam_role_use_name_prefix","local.iam_role_name"]},"policy":{"references":["data.aws_iam_policy_document.service[0].json","data.aws_iam_policy_document.service[0]","data.aws_iam_policy_document.service"]},"tags":{"references":["var.tags","var.iam_role_tags"]}},"schema_version":0,"count_expression":{"references":["local.create_iam_role"]}},{"address":"aws_iam_policy.task_exec","mode":"managed","type":"aws_iam_policy","name":"task_exec","provider_config_key":"aws","expressions":{"description":{"references":["var.task_exec_iam_role_description"]},"name":{"references":["var.task_exec_iam_role_use_name_prefix","local.task_exec_iam_role_name"]},"name_prefix":{"references":["var.task_exec_iam_role_use_name_prefix","local.task_exec_iam_role_name"]},"path":{"references":["var.task_exec_iam_policy_path"]},"policy":{"references":["data.aws_iam_policy_document.task_exec[0].json","data.aws_iam_policy_document.task_exec[0]","data.aws_iam_policy_document.task_exec"]},"tags":{"references":["var.tags","var.task_exec_iam_role_tags"]}},"schema_version":0,"count_expression":{"references":["local.create_task_exec_policy"]}},{"address":"aws_iam_policy.tasks","mode":"managed","type":"aws_iam_policy","name":"tasks","provider_config_key":"aws","expressions":{"description":{"references":["var.tasks_iam_role_description"]},"name":{"references":["var.tasks_iam_role_use_name_prefix","local.tasks_iam_role_name"]},"name_prefix":{"references":["var.tasks_iam_role_use_name_prefix","local.tasks_iam_role_name"]},"path":{"references":["var.tasks_iam_role_path"]},"policy":{"references":["data.aws_iam_policy_document.tasks[0].json","data.aws_iam_policy_document.tasks[0]","data.aws_iam_policy_document.tasks"]},"tags":{"references":["var.tags","var.tasks_iam_role_tags"]}},"schema_version":0,"count_expression":{"references":["local.create_tasks_iam_role","var.tasks_iam_role_statements","var.enable_execute_command"]}},{"address":"aws_iam_role.infrastructure_iam_role","mode":"managed","type":"aws_iam_role","name":"infrastructure_iam_role","provider_config_key":"aws","expressions":{"assume_role_policy":{"references":["data.aws_iam_policy_document.infrastructure_iam_role[0].json","data.aws_iam_policy_document.infrastructure_iam_role[0]","data.aws_iam_policy_document.infrastructure_iam_role"]},"description":{"references":["var.infrastructure_iam_role_description"]},"force_detach_policies":{"constant_value":true},"name":{"references":["var.infrastructure_iam_role_use_name_prefix","local.infrastructure_iam_role_name"]},"name_prefix":{"references":["var.infrastructure_iam_role_use_name_prefix","local.infrastructure_iam_role_name"]},"path":{"references":["var.infrastructure_iam_role_path"]},"permissions_boundary":{"references":["var.infrastructure_iam_role_permissions_boundary"]},"tags":{"references":["var.tags","var.infrastructure_iam_role_tags"]}},"schema_version":0,"count_expression":{"references":["local.create_infrastructure_iam_role"]}},{"address":"aws_iam_role.service","mode":"managed","type":"aws_iam_role","name":"service","provider_config_key":"aws","expressions":{"assume_role_policy":{"references":["data.aws_iam_policy_document.service_assume[0].json","data.aws_iam_policy_document.service_assume[0]","data.aws_iam_policy_document.service_assume"]},"description":{"references":["var.iam_role_description","var.disable_v7_default_name_description","var.name"]},"force_detach_policies":{"constant_value":true},"name":{"references":["var.iam_role_use_name_prefix","local.iam_role_name"]},"name_prefix":{"references":["var.iam_role_use_name_prefix","local.iam_role_name"]},"path":{"references":["var.iam_role_path"]},"permissions_boundary":{"references":["var.iam_role_permissions_boundary"]},"tags":{"references":["var.tags","var.iam_role_tags"]}},"schema_version":0,"count_expression":{"references":["local.create_iam_role"]}},{"address":"aws_iam_role.task_exec","mode":"managed","type":"aws_iam_role","name":"task_exec","provider_config_key":"aws","expressions":{"assume_role_policy":{"references":["data.aws_iam_policy_document.task_exec_assume[0].json","data.aws_iam_policy_document.task_exec_assume[0]","data.aws_iam_policy_document.task_exec_assume"]},"description":{"references":["var.task_exec_iam_role_description","local.task_exec_iam_role_name"]},"force_detach_policies":{"constant_value":true},"max_session_duration":{"references":["var.task_exec_iam_role_max_session_duration"]},"name":{"references":["var.task_exec_iam_role_use_name_prefix","local.task_exec_iam_role_name"]},"name_prefix":{"references":["var.task_exec_iam_role_use_name_prefix","local.task_exec_iam_role_name"]},"path":{"references":["var.task_exec_iam_role_path"]},"permissions_boundary":{"references":["var.task_exec_iam_role_permissions_boundary"]},"tags":{"references":["var.tags","var.task_exec_iam_role_tags"]}},"schema_version":0,"count_expression":{"references":["local.create_task_exec_iam_role"]}},{"address":"aws_iam_role.tasks","mode":"managed","type":"aws_iam_role","name":"tasks","provider_config_key":"aws","expressions":{"assume_role_policy":{"references":["data.aws_iam_policy_document.tasks_assume[0].json","data.aws_iam_policy_document.tasks_assume[0]","data.aws_iam_policy_document.tasks_assume"]},"description":{"references":["var.tasks_iam_role_description","var.disable_v7_default_name_description","var.name"]},"force_detach_policies":{"constant_value":true},"max_session_duration":{"references":["var.tasks_iam_role_max_session_duration"]},"name":{"references":["var.tasks_iam_role_use_name_prefix","local.tasks_iam_role_name"]},"name_prefix":{"references":["var.tasks_iam_role_use_name_prefix","local.tasks_iam_role_name"]},"path":{"references":["var.tasks_iam_role_path"]},"permissions_boundary":{"references":["var.tasks_iam_role_permissions_boundary"]},"tags":{"references":["var.tags","var.tasks_iam_role_tags"]}},"schema_version":0,"count_expression":{"references":["local.create_tasks_iam_role"]}},{"address":"aws_iam_role_policy_attachment.infrastructure_iam_role_ebs_policy","mode":"managed","type":"aws_iam_role_policy_attachment","name":"infrastructure_iam_role_ebs_policy","provider_config_key":"aws","expressions":{"policy_arn":{"references":["local.partition"]},"role":{"references":["aws_iam_role.infrastructure_iam_role[0].name","aws_iam_role.infrastructure_iam_role[0]","aws_iam_role.infrastructure_iam_role"]}},"schema_version":0,"count_expression":{"references":["local.create_infrastructure_iam_role","var.volume_configuration"]}},{"address":"aws_iam_role_policy_attachment.infrastructure_iam_role_load_balancer_policy","mode":"managed","type":"aws_iam_role_policy_attachment","name":"infrastructure_iam_role_load_balancer_policy","provider_config_key":"aws","expressions":{"policy_arn":{"references":["local.partition"]},"role":{"references":["aws_iam_role.infrastructure_iam_role[0].name","aws_iam_role.infrastructure_iam_role[0]","aws_iam_role.infrastructure_iam_role"]}},"schema_version":0,"count_expression":{"references":["local.create_infrastructure_iam_role","var.deployment_configuration"]}},{"address":"aws_iam_role_policy_attachment.infrastructure_iam_role_vpc_lattice_policy","mode":"managed","type":"aws_iam_role_policy_attachment","name":"infrastructure_iam_role_vpc_lattice_policy","provider_config_key":"aws","expressions":{"policy_arn":{"references":["local.partition"]},"role":{"references":["aws_iam_role.infrastructure_iam_role[0].name","aws_iam_role.infrastructure_iam_role[0]","aws_iam_role.infrastructure_iam_role"]}},"schema_version":0,"count_expression":{"references":["local.create_infrastructure_iam_role","var.vpc_lattice_configurations"]}},{"address":"aws_iam_role_policy_attachment.service","mode":"managed","type":"aws_iam_role_policy_attachment","name":"service","provider_config_key":"aws","expressions":{"policy_arn":{"references":["aws_iam_policy.service[0].arn","aws_iam_policy.service[0]","aws_iam_policy.service"]},"role":{"references":["aws_iam_role.service[0].name","aws_iam_role.service[0]","aws_iam_role.service"]}},"schema_version":0,"count_expression":{"references":["local.create_iam_role"]}},{"address":"aws_iam_role_policy_attachment.task_exec","mode":"managed","type":"aws_iam_role_policy_attachment","name":"task_exec","provider_config_key":"aws","expressions":{"policy_arn":{"references":["aws_iam_policy.task_exec[0].arn","aws_iam_policy.task_exec[0]","aws_iam_policy.task_exec"]},"role":{"references":["aws_iam_role.task_exec[0].name","aws_iam_role.task_exec[0]","aws_iam_role.task_exec"]}},"schema_version":0,"count_expression":{"references":["local.create_task_exec_policy"]}},{"address":"aws_iam_role_policy_attachment.task_exec_additional","mode":"managed","type":"aws_iam_role_policy_attachment","name":"task_exec_additional","provider_config_key":"aws","expressions":{"policy_arn":{"references":["each.value"]},"role":{"references":["aws_iam_role.task_exec[0].name","aws_iam_role.task_exec[0]","aws_iam_role.task_exec"]}},"schema_version":0,"for_each_expression":{"references":["var.task_exec_iam_role_policies","local.create_task_exec_iam_role"]}},{"address":"aws_iam_role_policy_attachment.tasks","mode":"managed","type":"aws_iam_role_policy_attachment","name":"tasks","provider_config_key":"aws","expressions":{"policy_arn":{"references":["each.value"]},"role":{"references":["aws_iam_role.tasks[0].name","aws_iam_role.tasks[0]","aws_iam_role.tasks"]}},"schema_version":0,"for_each_expression":{"references":["var.tasks_iam_role_policies","local.create_tasks_iam_role"]}},{"address":"aws_iam_role_policy_attachment.tasks_internal","mode":"managed","type":"aws_iam_role_policy_attachment","name":"tasks_internal","provider_config_key":"aws","expressions":{"policy_arn":{"references":["aws_iam_policy.tasks[0].arn","aws_iam_policy.tasks[0]","aws_iam_policy.tasks"]},"role":{"references":["aws_iam_role.tasks[0].name","aws_iam_role.tasks[0]","aws_iam_role.tasks"]}},"schema_version":0,"count_expression":{"references":["local.create_tasks_iam_role","var.tasks_iam_role_statements","var.enable_execute_command"]}},{"address":"aws_security_group.this","mode":"managed","type":"aws_security_group","name":"this","provider_config_key":"aws","expressions":{"description":{"references":["var.security_group_description","var.disable_v7_default_name_description","var.name"]},"name":{"references":["var.security_group_use_name_prefix","local.security_group_name"]},"name_prefix":{"references":["var.security_group_use_name_prefix","local.security_group_name"]},"region":{"references":["var.region"]},"tags":{"references":["var.tags","local.security_group_name","var.security_group_tags"]},"vpc_id":{"references":["var.vpc_id","var.vpc_id","data.aws_subnet.this[0].vpc_id","data.aws_subnet.this[0]","data.aws_subnet.this"]}},"schema_version":1,"count_expression":{"references":["local.create_security_group"]}},{"address":"aws_vpc_security_group_egress_rule.this","mode":"managed","type":"aws_vpc_security_group_egress_rule","name":"this","provider_config_key":"aws","expressions":{"cidr_ipv4":{"references":["each.value.cidr_ipv4","each.value"]},"cidr_ipv6":{"references":["each.value.cidr_ipv6","each.value"]},"description":{"references":["each.value.description","each.value"]},"from_port":{"references":["each.value.from_port","each.value","each.value.to_port","each.value"]},"ip_protocol":{"references":["each.value.ip_protocol","each.value"]},"prefix_list_id":{"references":["each.value.prefix_list_id","each.value"]},"referenced_security_group_id":{"references":["each.value.referenced_security_group_id","each.value","aws_security_group.this[0].id","aws_security_group.this[0]","aws_security_group.this","each.value.referenced_security_group_id","each.value"]},"region":{"references":["var.region"]},"security_group_id":{"references":["aws_security_group.this[0].id","aws_security_group.this[0]","aws_security_group.this"]},"tags":{"references":["var.tags","var.security_group_tags","each.value.name","each.value","local.security_group_name","each.key","each.value.tags","each.value"]},"to_port":{"references":["each.value.to_port","each.value"]}},"schema_version":0,"for_each_expression":{"references":["var.security_group_egress_rules","var.security_group_egress_rules","local.create_security_group"]}},{"address":"aws_vpc_security_group_ingress_rule.this","mode":"managed","type":"aws_vpc_security_group_ingress_rule","name":"this","provider_config_key":"aws","expressions":{"cidr_ipv4":{"references":["each.value.cidr_ipv4","each.value"]},"cidr_ipv6":{"references":["each.value.cidr_ipv6","each.value"]},"description":{"references":["each.value.description","each.value"]},"from_port":{"references":["each.value.from_port","each.value"]},"ip_protocol":{"references":["each.value.ip_protocol","each.value"]},"prefix_list_id":{"references":["each.value.prefix_list_id","each.value"]},"referenced_security_group_id":{"references":["each.value.referenced_security_group_id","each.value","aws_security_group.this[0].id","aws_security_group.this[0]","aws_security_group.this","each.value.referenced_security_group_id","each.value"]},"region":{"references":["var.region"]},"security_group_id":{"references":["aws_security_group.this[0].id","aws_security_group.this[0]","aws_security_group.this"]},"tags":{"references":["var.tags","var.security_group_tags","each.value.name","each.value","local.security_group_name","each.key","each.value.tags","each.value"]},"to_port":{"references":["each.value.to_port","each.value","each.value.from_port","each.value"]}},"schema_version":0,"for_each_expression":{"references":["var.security_group_ingress_rules","var.security_group_ingress_rules","local.create_security_group"]}},{"address":"data.aws_caller_identity.current","mode":"data","type":"aws_caller_identity","name":"current","provider_config_key":"aws","schema_version":0,"count_expression":{"references":["var.create"]}},{"address":"data.aws_iam_policy_document.infrastructure_iam_role","mode":"data","type":"aws_iam_policy_document","name":"infrastructure_iam_role","provider_config_key":"aws","expressions":{"statement":[{"actions":{"constant_value":["sts:AssumeRole"]},"principals":[{"identifiers":{"constant_value":["ecs.amazonaws.com"]},"type":{"constant_value":"Service"}}],"sid":{"constant_value":"ECSServiceAssumeRole"}}]},"schema_version":0,"count_expression":{"references":["local.create_infrastructure_iam_role"]}},{"address":"data.aws_iam_policy_document.service","mode":"data","type":"aws_iam_policy_document","name":"service","provider_config_key":"aws","expressions":{"statement":[{"actions":{"constant_value":["ec2:Describe*","elasticloadbalancing:DeregisterInstancesFromLoadBalancer","elasticloadbalancing:DeregisterTargets","elasticloadbalancing:Describe*","elasticloadbalancing:RegisterInstancesWithLoadBalancer","elasticloadbalancing:RegisterTargets"]},"resources":{"constant_value":["*"]},"sid":{"constant_value":"ECSService"}}]},"schema_version":0,"count_expression":{"references":["local.create_iam_role"]}},{"address":"data.aws_iam_policy_document.service_assume","mode":"data","type":"aws_iam_policy_document","name":"service_assume","provider_config_key":"aws","expressions":{"statement":[{"actions":{"constant_value":["sts:AssumeRole"]},"principals":[{"identifiers":{"constant_value":["ecs.amazonaws.com"]},"type":{"constant_value":"Service"}}],"sid":{"constant_value":"ECSServiceAssumeRole"}}]},"schema_version":0,"count_expression":{"references":["local.create_iam_role"]}},{"address":"data.aws_iam_policy_document.task_exec","mode":"data","type":"aws_iam_policy_document","name":"task_exec","provider_config_key":"aws","expressions":{"statement":[{"actions":{"constant_value":["logs:CreateLogStream","logs:PutLogEvents"]},"resources":{"constant_value":["*"]},"sid":{"constant_value":"Logs"}},{"actions":{"constant_value":["ecr:GetAuthorizationToken","ecr:BatchCheckLayerAvailability","ecr:GetDownloadUrlForLayer","ecr:BatchGetImage"]},"resources":{"constant_value":["*"]},"sid":{"constant_value":"ECR"}}]},"schema_version":0,"count_expression":{"references":["local.create_task_exec_policy"]}},{"address":"data.aws_iam_policy_document.task_exec_assume","mode":"data","type":"aws_iam_policy_document","name":"task_exec_assume","provider_config_key":"aws","expressions":{"statement":[{"actions":{"constant_value":["sts:AssumeRole"]},"principals":[{"identifiers":{"constant_value":["ecs-tasks.amazonaws.com"]},"type":{"constant_value":"Service"}}],"sid":{"constant_value":"ECSTaskExecutionAssumeRole"}}]},"schema_version":0,"count_expression":{"references":["local.create_task_exec_iam_role"]}},{"address":"data.aws_iam_policy_document.tasks","mode":"data","type":"aws_iam_policy_document","name":"tasks","provider_config_key":"aws","schema_version":0,"count_expression":{"references":["local.create_tasks_iam_role","var.tasks_iam_role_statements","var.enable_execute_command"]}},{"address":"data.aws_iam_policy_document.tasks_assume","mode":"data","type":"aws_iam_policy_document","name":"tasks_assume","provider_config_key":"aws","expressions":{"statement":[{"actions":{"constant_value":["sts:AssumeRole"]},"condition":[{"test":{"constant_value":"ArnLike"},"values":{"references":["local.partition","local.region","local.account_id"]},"variable":{"constant_value":"aws:SourceArn"}},{"test":{"constant_value":"StringEquals"},"values":{"references":["local.account_id"]},"variable":{"constant_value":"aws:SourceAccount"}}],"principals":[{"identifiers":{"constant_value":["ecs-tasks.amazonaws.com"]},"type":{"constant_value":"Service"}}],"sid":{"constant_value":"ECSTasksAssumeRole"}}]},"schema_version":0,"count_expression":{"references":["local.create_tasks_iam_role"]}},{"address":"data.aws_partition.current","mode":"data","type":"aws_partition","name":"current","provider_config_key":"aws","schema_version":0,"count_expression":{"references":["var.create"]}},{"address":"data.aws_region.current","mode":"data","type":"aws_region","name":"current","provider_config_key":"aws","expressions":{"region":{"references":["var.region"]}},"schema_version":0,"count_expression":{"references":["var.create"]}},{"address":"data.aws_subnet.this","mode":"data","type":"aws_subnet","name":"this","provider_config_key":"aws","expressions":{"id":{"references":["var.subnet_ids"]},"region":{"references":["var.region"]}},"schema_version":0,"count_expression":{"references":["local.create_security_group"]}}],"module_calls":{"container_definition":{"source":"../container-definition","expressions":{"cloudwatch_log_group_class":{"references":["each.value.cloudwatch_log_group_class","each.value"]},"cloudwatch_log_group_kms_key_id":{"references":["each.value.cloudwatch_log_group_kms_key_id","each.value"]},"cloudwatch_log_group_name":{"references":["each.value.cloudwatch_log_group_name","each.value"]},"cloudwatch_log_group_retention_in_days":{"references":["each.value.cloudwatch_log_group_retention_in_days","each.value"]},"cloudwatch_log_group_use_name_prefix":{"references":["each.value.cloudwatch_log_group_use_name_prefix","each.value"]},"command":{"references":["each.value.command","each.value"]},"cpu":{"references":["each.value.cpu","each.value"]},"create_cloudwatch_log_group":{"references":["each.value.create_cloudwatch_log_group","each.value"]},"credentialSpecs":{"references":["each.value.credentialSpecs","each.value"]},"dependsOn":{"references":["each.value.dependsOn","each.value"]},"disableNetworking":{"references":["each.value.disableNetworking","each.value"]},"dnsSearchDomains":{"references":["each.value.dnsSearchDomains","each.value"]},"dnsServers":{"references":["each.value.dnsServers","each.value"]},"dockerLabels":{"references":["each.value.dockerLabels","each.value"]},"dockerSecurityOptions":{"references":["each.value.dockerSecurityOptions","each.value"]},"enable_cloudwatch_logging":{"references":["each.value.enable_cloudwatch_logging","each.value"]},"enable_execute_command":{"references":["var.enable_execute_command"]},"entrypoint":{"references":["each.value.entrypoint","each.value"]},"environment":{"references":["each.value.environment","each.value"]},"environmentFiles":{"references":["each.value.environmentFiles","each.value"]},"essential":{"references":["each.value.essential","each.value"]},"extraHosts":{"references":["each.value.extraHosts","each.value"]},"firelensConfiguration":{"references":["each.value.firelensConfiguration","each.value"]},"healthCheck":{"references":["each.value.healthCheck","each.value"]},"hostname":{"references":["each.value.hostname","each.value"]},"image":{"references":["each.value.image","each.value"]},"interactive":{"references":["each.value.interactive","each.value"]},"links":{"references":["each.value.links","each.value"]},"linuxParameters":{"references":["each.value.linuxParameters","each.value"]},"logConfiguration":{"references":["each.value.logConfiguration","each.value"]},"memory":{"references":["each.value.memory","each.value"]},"memoryReservation":{"references":["each.value.memoryReservation","each.value"]},"mountPoints":{"references":["each.value.mountPoints","each.value"]},"name":{"references":["each.value.name","each.value","each.key"]},"operating_system_family":{"references":["var.runtime_platform.operating_system_family","var.runtime_platform"]},"portMappings":{"references":["each.value.portMappings","each.value"]},"privileged":{"references":["each.value.privileged","each.value"]},"pseudoTerminal":{"references":["each.value.pseudoTerminal","each.value"]},"readonlyRootFilesystem":{"references":["each.value.readonlyRootFilesystem","each.value"]},"region":{"references":["var.region"]},"repositoryCredentials":{"references":["each.value.repositoryCredentials","each.value"]},"resourceRequirements":{"references":["each.value.resourceRequirements","each.value"]},"restartPolicy":{"references":["each.value.restartPolicy","each.value"]},"secrets":{"references":["each.value.secrets","each.value"]},"service":{"references":["var.name"]},"startTimeout":{"references":["each.value.startTimeout","each.value"]},"stopTimeout":{"references":["each.value.stopTimeout","each.value"]},"systemControls":{"references":["each.value.systemControls","each.value"]},"tags":{"references":["var.tags"]},"ulimits":{"references":["each.value.ulimits","each.value"]},"user":{"references":["each.value.user","each.value"]},"versionConsistency":{"references":["each.value.versionConsistency","each.value"]},"volumesFrom":{"references":["each.value.volumesFrom","each.value"]},"workingDirectory":{"references":["each.value.workingDirectory","each.value"]}},"for_each_expression":{"references":["var.container_definitions","local.create_task_definition"]},"module":{"outputs":{"cloudwatch_log_group_arn":{"expression":{"references":["aws_cloudwatch_log_group.this[0].arn","aws_cloudwatch_log_group.this[0]","aws_cloudwatch_log_group.this"]},"description":"ARN of CloudWatch log group created"},"cloudwatch_log_group_name":{"expression":{"references":["aws_cloudwatch_log_group.this[0].name","aws_cloudwatch_log_group.this[0]","aws_cloudwatch_log_group.this"]},"description":"Name of CloudWatch log group created"},"container_definition":{"expression":{"references":["local.container_definition"]},"description":"Container definition"},"container_definition_json":{"expression":{"references":["local.container_definition"]},"description":"Container definition. NOTE: use `jsonencode([module.ecs_container_definition.container_definition])` instead of this output when passing into a Task Definition"}},"resources":[{"address":"aws_cloudwatch_log_group.this","mode":"managed","type":"aws_cloudwatch_log_group","name":"this","provider_config_key":"aws","expressions":{"kms_key_id":{"references":["var.cloudwatch_log_group_kms_key_id"]},"log_group_class":{"references":["var.cloudwatch_log_group_class"]},"name":{"references":["var.cloudwatch_log_group_use_name_prefix","local.log_group_name"]},"name_prefix":{"references":["var.cloudwatch_log_group_use_name_prefix","local.log_group_name"]},"region":{"references":["var.region"]},"retention_in_days":{"references":["var.cloudwatch_log_group_retention_in_days"]},"tags":{"references":["var.tags"]}},"schema_version":0,"count_expression":{"references":["var.create_cloudwatch_log_group","var.enable_cloudwatch_logging"]}},{"address":"data.aws_region.current","mode":"data","type":"aws_region","name":"current","provider_config_key":"aws","expressions":{"region":{"references":["var.region"]}},"schema_version":0}],"variables":{"cloudwatch_log_group_class":{"default":null,"description":"Specified the log class of the log group. Possible values are: `STANDARD` or `INFREQUENT_ACCESS`"},"cloudwatch_log_group_kms_key_id":{"default":null,"description":"If a KMS Key ARN is set, this key will be used to encrypt the corresponding log group. Please be sure that the KMS Key has an appropriate key policy (https://docs.aws.amazon.com/AmazonCloudWatch/latest/logs/encrypt-log-data-kms.html)"},"cloudwatch_log_group_name":{"default":null,"description":"Custom name of CloudWatch log group for a service associated with the container definition"},"cloudwatch_log_group_retention_in_days":{"default":14,"description":"Number of days to retain log events. Set to `0` to keep logs indefinitely"},"cloudwatch_log_group_use_name_prefix":{"default":false,"description":"Determines whether the log group name should be used as a prefix"},"command":{"default":null,"description":"The command that's passed to the container"},"cpu":{"default":null,"description":"The number of cpu units to reserve for the container. This is optional for tasks using Fargate launch type and the total amount of `cpu` of all containers in a task will need to be lower than the task-level cpu value"},"create_cloudwatch_log_group":{"default":true,"description":"Determines whether a log group is created by this module. If not, AWS will automatically create one if logging is enabled"},"credentialSpecs":{"default":null,"description":"Specs for Credentials for gMSA (Windows containers)."},"dependsOn":{"default":null,"description":"The dependencies defined for container startup and shutdown. A container can contain multiple dependencies. When a dependency is defined for container startup, for container shutdown it is reversed. The condition can be one of START, COMPLETE, SUCCESS or HEALTHY"},"disableNetworking":{"default":null,"description":"When this parameter is true, networking is disabled within the container"},"dnsSearchDomains":{"default":null,"description":"Container DNS search domains. A list of DNS search domains that are presented to the container"},"dnsServers":{"default":null,"description":"Container DNS servers. This is a list of strings specifying the IP addresses of the DNS servers"},"dockerLabels":{"default":null,"description":"A key/value map of labels to add to the container"},"dockerSecurityOptions":{"default":null,"description":"A list of strings to provide custom labels for SELinux and AppArmor multi-level security systems. This field isn't valid for containers in tasks using the Fargate launch type"},"enable_cloudwatch_logging":{"default":true,"description":"Determines whether CloudWatch logging is configured for this container definition. Set to `false` to use other logging drivers"},"enable_execute_command":{"default":false,"description":"Specifies whether to enable Amazon ECS Exec for the tasks within the service"},"entrypoint":{"default":null,"description":"The entry point that is passed to the container"},"environment":{"default":null,"description":"The environment variables to pass to the container"},"environmentFiles":{"default":null,"description":"A list of files containing the environment variables to pass to a container"},"essential":{"default":null,"description":"If the `essential` parameter of a container is marked as `true`, and that container fails or stops for any reason, all other containers that are part of the task are stopped"},"extraHosts":{"default":null,"description":"A list of hostnames and IP address mappings to append to the `/etc/hosts` file on the container"},"firelensConfiguration":{"default":null,"description":"The FireLens configuration for the container. This is used to specify and configure a log router for container logs. For more information, see [Custom Log Routing](https://docs.aws.amazon.com/AmazonECS/latest/developerguide/using_firelens.html) in the Amazon Elastic Container Service Developer Guide"},"healthCheck":{"default":null,"description":"The container health check command and associated configuration parameters for the container. See [HealthCheck](https://docs.aws.amazon.com/AmazonECS/latest/APIReference/API_HealthCheck.html)"},"hostname":{"default":null,"description":"The hostname to use for your container"},"image":{"default":null,"description":"The image used to start a container. This string is passed directly to the Docker daemon. By default, images in the Docker Hub registry are available. Other repositories are specified with either `repository-url/image:tag` or `repository-url/image@digest`"},"interactive":{"default":false,"description":"When this parameter is `true`, you can deploy containerized applications that require `stdin` or a `tty` to be allocated"},"links":{"default":null,"description":"The links parameter allows containers to communicate with each other without the need for port mappings. This parameter is only supported if the network mode of a task definition is `bridge`"},"linuxParameters":{"default":{"capabilities":null,"devices":null,"initProcessEnabled":null,"maxSwap":null,"sharedMemorySize":null,"swappiness":null,"tmpfs":null},"description":"Linux-specific modifications that are applied to the container, such as Linux kernel capabilities. For more information see [KernelCapabilities](https://docs.aws.amazon.com/AmazonECS/latest/APIReference/API_KernelCapabilities.html)"},"logConfiguration":{"default":{"logDriver":null,"options":null,"secretOptions":null},"description":"The log configuration for the container. For more information see [LogConfiguration](https://docs.aws.amazon.com/AmazonECS/latest/APIReference/API_LogConfiguration.html)"},"memory":{"default":null,"description":"The amount (in MiB) of memory to present to the container. If your container attempts to exceed the memory specified here, the container is killed. The total amount of memory reserved for all containers within a task must be lower than the task `memory` value, if one is specified"},"memoryReservation":{"default":null,"description":"The soft limit (in MiB) of memory to reserve for the container. When system memory is under heavy contention, Docker attempts to keep the container memory to this soft limit. However, your container can consume more memory when it needs to, up to either the hard limit specified with the `memory` parameter (if applicable), or all of the available memory on the container instance"},"mountPoints":{"default":null,"description":"The mount points for data volumes in your container"},"name":{"default":null,"description":"The name of a container. If you're linking multiple containers together in a task definition, the name of one container can be entered in the links of another container to connect the containers. Up to 255 letters (uppercase and lowercase), numbers, underscores, and hyphens are allowed"},"operating_system_family":{"default":"LINUX","description":"The OS family for task"},"portMappings":{"default":null,"description":"The list of port mappings for the container. Port mappings allow containers to access ports on the host container instance to send or receive traffic. For task definitions that use the awsvpc network mode, only specify the containerPort. The hostPort can be left blank or it must be the same value as the containerPort"},"privileged":{"default":false,"description":"When this parameter is true, the container is given elevated privileges on the host container instance (similar to the root user)"},"pseudoTerminal":{"default":false,"description":"When this parameter is true, a `TTY` is allocated"},"readonlyRootFilesystem":{"default":true,"description":"When this parameter is true, the container is given read-only access to its root file system"},"region":{"default":null,"description":"Region where the resource(s) will be managed. Defaults to the Region set in the provider configuration"},"repositoryCredentials":{"default":null,"description":"Container repository credentials; required when using a private repo.  This map currently supports a single key; \"credentialsParameter\", which should be the ARN of a Secrets Manager's secret holding the credentials"},"resourceRequirements":{"default":null,"description":"The type and amount of a resource to assign to a container. The only supported resource is a GPU"},"restartPolicy":{"default":{"enabled":true,"ignoredExitCodes":null,"restartAttemptPeriod":null},"description":"Container restart policy; helps overcome transient failures faster and maintain task availability"},"secrets":{"default":null,"description":"The secrets to pass to the container. For more information, see [Specifying Sensitive Data](https://docs.aws.amazon.com/AmazonECS/latest/developerguide/specifying-sensitive-data.html) in the Amazon Elastic Container Service Developer Guide"},"service":{"default":null,"description":"The name of the service that the container definition is associated with. Used in CloudWatch log group default name (if one is not provided)"},"startTimeout":{"default":30,"description":"Time duration (in seconds) to wait before giving up on resolving dependencies for a container"},"stopTimeout":{"default":120,"description":"Time duration (in seconds) to wait before the container is forcefully killed if it doesn't exit normally on its own"},"systemControls":{"default":null,"description":"A list of namespaced kernel parameters to set in the container"},"tags":{"default":{},"description":"A map of tags to add to all resources"},"ulimits":{"default":null,"description":"A list of ulimits to set in the container. If a ulimit value is specified in a task definition, it overrides the default values set by Docker"},"user":{"default":null,"description":"The user to run as inside the container. Can be any of these formats: user, user:group, uid, uid:gid, user:gid, uid:group. The default (null) will use the container's configured `USER` directive or root if not set"},"versionConsistency":{"default":"disabled","description":"Specifies whether Amazon ECS will resolve the container image tag provided in the container definition to an image digest"},"volumesFrom":{"default":null,"description":"Data volumes to mount from another container"},"workingDirectory":{"default":null,"description":"The working directory to run commands inside the container"}}}}},"variables":{"alarms":{"default":null,"description":"Information about the CloudWatch alarms"},"assign_public_ip":{"default":false,"description":"Assign a public IP address to the ENI (Fargate launch type only)"},"autoscaling_max_capacity":{"default":10,"description":"Maximum number of tasks to run in your service"},"autoscaling_min_capacity":{"default":1,"description":"Minimum number of tasks to run in your service"},"autoscaling_policies":{"default":{"cpu":{"name":null,"policy_type":"TargetTrackingScaling","predictive_scaling_policy_configuration":null,"step_scaling_policy_configuration":null,"target_tracking_scaling_policy_configuration":{"customized_metric_specification":null,"disable_scale_in":null,"predefined_metric_specification":{"predefined_metric_type":"ECSServiceAverageCPUUtilization","resource_label":null},"scale_in_cooldown":300,"scale_out_cooldown":60,"target_value":75}},"memory":{"name":null,"policy_type":"TargetTrackingScaling","predictive_scaling_policy_configuration":null,"step_scaling_policy_configuration":null,"target_tracking_scaling_policy_configuration":{"customized_metric_specification":null,"disable_scale_in":null,"predefined_metric_specification":{"predefined_metric_type":"ECSServiceAverageMemoryUtilization","resource_label":null},"scale_in_cooldown":300,"scale_out_cooldown":60,"target_value":75}}},"description":"Map of autoscaling policies to create for the service"},"autoscaling_scheduled_actions":{"default":null,"description":"Map of autoscaling scheduled actions to create for the service"},"autoscaling_suspended_state":{"default":null,"description":"Configuration block that specifies whether the scaling activities for the service are in a suspended state"},"availability_zone_rebalancing":{"default":null,"description":"ECS automatically redistributes tasks within a service across Availability Zones (AZs) to mitigate the risk of impaired application availability due to underlying infrastructure failures and task lifecycle activities. The valid values are `ENABLED` and `DISABLED`. Defaults to `DISABLED`"},"capacity_provider_strategy":{"default":null,"description":"Capacity provider strategies to use for the service. Can be one or more"},"cluster_arn":{"default":"","description":"ARN of the ECS cluster where the resources will be provisioned"},"container_definitions":{"default":{},"description":"A map of valid [container definitions](http://docs.aws.amazon.com/AmazonECS/latest/APIReference/API_ContainerDefinition.html). Please note that you should only provide values that are part of the container definition document"},"cpu":{"default":1024,"description":"Number of cpu units used by the task. If the `requires_compatibilities` is `FARGATE` this field is required"},"create":{"default":true,"description":"Determines whether resources will be created (affects all resources)"},"create_iam_role":{"default":true,"description":"Determines whether the ECS service IAM role should be created"},"create_infrastructure_iam_role":{"default":true,"description":"Determines whether the ECS infrastructure IAM role should be created"},"create_security_group":{"default":true,"description":"Determines if a security group is created"},"create_service":{"default":true,"description":"Determines whether service resource will be created (set to `false` in case you want to create task definition only)"},"create_task_definition":{"default":true,"description":"Determines whether to create a task definition or use existing/provided"},"create_task_exec_iam_role":{"default":true,"description":"Determines whether the ECS task definition IAM role should be created"},"create_task_exec_policy":{"default":true,"description":"Determines whether the ECS task definition IAM policy should be created. This includes permissions included in AmazonECSTaskExecutionRolePolicy as well as access to secrets and SSM parameters"},"create_tasks_iam_role":{"default":true,"description":"Determines whether the ECS tasks IAM role should be created"},"deployment_circuit_breaker":{"default":null,"description":"Configuration block for deployment circuit breaker"},"deployment_configuration":{"default":null,"description":"Configuration block for deployment settings"},"deployment_controller":{"default":null,"description":"Configuration block for deployment controller configuration"},"deployment_maximum_percent":{"default":200,"description":"Upper limit (as a percentage of the service's `desired_count`) of the number of running tasks that can be running in a service during a deployment"},"deployment_minimum_healthy_percent":{"default":66,"description":"Lower limit (as a percentage of the service's `desired_count`) of the number of running tasks that must remain running and healthy in a service during a deployment"},"desired_count":{"default":1,"description":"Number of instances of the task definition to place and keep running"},"disable_v7_default_name_description":{"default":false,"description":"[DEPRECATED - will be removed in v8.0] Determines whether to disable the default postfix added to resource names and descriptions added in v7.0"},"enable_autoscaling":{"default":true,"description":"Determines whether to enable autoscaling for the service"},"enable_ecs_managed_tags":{"default":true,"description":"Specifies whether to enable Amazon ECS managed tags for the tasks within the service"},"enable_execute_command":{"default":false,"description":"Specifies whether to enable Amazon ECS Exec for the tasks within the service"},"enable_fault_injection":{"default":null,"description":"Enables fault injection and allows for fault injection requests to be accepted from the task's containers. Default is `false`"},"ephemeral_storage":{"default":null,"description":"The amount of ephemeral storage to allocate for the task. This parameter is used to expand the total amount of ephemeral storage available, beyond the default amount, for tasks hosted on AWS Fargate"},"external_id":{"default":null,"description":"The external ID associated with the task set"},"family":{"default":null,"description":"A unique name for your task definition"},"force_delete":{"default":null,"description":"Enable to delete a service even if it wasn't scaled down to zero tasks. It's only necessary to use this if the service uses the `REPLICA` scheduling strategy"},"force_new_deployment":{"default":true,"description":"Enable to force a new task deployment of the service. This can be used to update tasks to use a newer Docker image with same image/tag combination, roll Fargate tasks onto a newer platform version, or immediately deploy `ordered_placement_strategy` and `placement_constraints` updates"},"health_check_grace_period_seconds":{"default":null,"description":"Seconds to ignore failing load balancer health checks on newly instantiated tasks to prevent premature shutdown, up to 2147483647. Only valid for services configured to use load balancers"},"iam_role_arn":{"default":null,"description":"Existing IAM role ARN"},"iam_role_description":{"default":null,"description":"Description of the role"},"iam_role_name":{"default":null,"description":"Name to use on IAM role created"},"iam_role_path":{"default":null,"description":"IAM role path"},"iam_role_permissions_boundary":{"default":null,"description":"ARN of the policy that is used to set the permissions boundary for the IAM role"},"iam_role_statements":{"default":null,"description":"A map of IAM policy [statements](https://registry.terraform.io/providers/hashicorp/aws/latest/docs/data-sources/iam_policy_document#statement) for custom permission usage"},"iam_role_tags":{"default":{},"description":"A map of additional tags to add to the IAM role created"},"iam_role_use_name_prefix":{"default":true,"description":"Determines whether the IAM role name (`iam_role_name`) is used as a prefix"},"ignore_task_definition_changes":{"default":false,"description":"Whether changes to service `task_definition` changes should be ignored"},"infrastructure_iam_role_arn":{"default":null,"description":"Existing IAM role ARN"},"infrastructure_iam_role_description":{"default":null,"description":"Description of the role"},"infrastructure_iam_role_name":{"default":null,"description":"Name to use on IAM role created"},"infrastructure_iam_role_path":{"default":null,"description":"IAM role path"},"infrastructure_iam_role_permissions_boundary":{"default":null,"description":"ARN of the policy that is used to set the permissions boundary for the IAM role"},"infrastructure_iam_role_tags":{"default":{},"description":"A map of additional tags to add to the IAM role created"},"infrastructure_iam_role_use_name_prefix":{"default":true,"description":"Determines whether the IAM role name (`iam_role_name`) is used as a prefix"},"ipc_mode":{"default":null,"description":"IPC resource namespace to be used for the containers in the task The valid values are `host`, `task`, and `none`"},"launch_type":{"default":"FARGATE","description":"Launch type on which to run your service. The valid values are `EC2`, `FARGATE`, and `EXTERNAL`. Defaults to `FARGATE`"},"load_balancer":{"default":null,"description":"Configuration block for load balancers"},"memory":{"default":2048,"description":"Amount (in MiB) of memory used by the task. If the `requires_compatibilities` is `FARGATE` this field is required"},"name":{"default":"","description":"Name of the service (up to 255 letters, numbers, hyphens, and underscores)"},"network_mode":{"default":"awsvpc","description":"Docker networking mode to use for the containers in the task. Valid values are `none`, `bridge`, `awsvpc`, and `host`"},"ordered_placement_strategy":{"default":null,"description":"Service level strategy rules that are taken into consideration during task placement. List from top to bottom in order of precedence"},"pid_mode":{"default":null,"description":"Process namespace to use for the containers in the task. The valid values are `host` and `task`"},"placement_constraints":{"default":null,"description":"Configuration block for rules that are taken into consideration during task placement (up to max of 10). This is set at the service, see `task_definition_placement_constraints` for setting at the task definition"},"platform_version":{"default":null,"description":"Platform version on which to run your service. Only applicable for `launch_type` set to `FARGATE`. Defaults to `LATEST`"},"propagate_tags":{"default":null,"description":"Specifies whether to propagate the tags from the task definition or the service to the tasks. The valid values are `SERVICE` and `TASK_DEFINITION`"},"proxy_configuration":{"default":null,"description":"Configuration block for the App Mesh proxy"},"region":{"default":null,"description":"Region where the resource(s) will be managed. Defaults to the Region set in the provider configuration"},"requires_compatibilities":{"default":["FARGATE"],"description":"Set of launch types required by the task. The valid values are `EC2`, `FARGATE`, `EXTERNAL`, and `MANAGED_INSTANCES`"},"runtime_platform":{"default":{"cpu_architecture":"X86_64","operating_system_family":"LINUX"},"description":"Configuration block for `runtime_platform` that containers in your task may use"},"scale":{"default":null,"description":"A floating-point percentage of the desired number of tasks to place and keep running in the task set"},"scheduling_strategy":{"default":null,"description":"Scheduling strategy to use for the service. The valid values are `REPLICA` and `DAEMON`. Defaults to `REPLICA`"},"security_group_description":{"default":null,"description":"Description of the security group created"},"security_group_egress_rules":{"default":{},"description":"Security group egress rules to add to the security group created"},"security_group_ids":{"default":[],"description":"List of security groups to associate with the task or service"},"security_group_ingress_rules":{"default":{},"description":"Security group ingress rules to add to the security group created"},"security_group_name":{"default":null,"description":"Name to use on security group created"},"security_group_tags":{"default":{},"description":"A map of additional tags to add to the security group created"},"security_group_use_name_prefix":{"default":true,"description":"Determines whether the security group name (`security_group_name`) is used as a prefix"},"service_connect_configuration":{"default":null,"description":"The ECS Service Connect configuration for this service to discover and connect to services, and be discovered by, and connected from, other services within a namespace"},"service_registries":{"default":null,"description":"Service discovery registries for the service"},"service_tags":{"default":{},"description":"A map of additional tags to add to the service"},"sigint_rollback":{"default":null,"description":"Whether to enable graceful termination of deployments using SIGINT signals. Only applicable when using ECS deployment controller and requires wait_for_steady_state = true. Default is false"},"skip_destroy":{"default":null,"description":"If true, the task is not deleted when the service is deleted"},"subnet_ids":{"default":[],"description":"List of subnets to associate with the task or service"},"tags":{"default":{},"description":"A map of tags to add to all resources"},"task_definition_arn":{"default":null,"description":"Existing task definition ARN. Required when `create_task_definition` is `false`"},"task_definition_placement_constraints":{"default":null,"description":"Configuration block for rules that are taken into consideration during task placement (up to max of 10). This is set at the task definition, see `placement_constraints` for setting at the service"},"task_exec_iam_policy_path":{"default":null,"description":"Path for the iam role"},"task_exec_iam_role_arn":{"default":null,"description":"Existing IAM role ARN"},"task_exec_iam_role_description":{"default":null,"description":"Description of the role"},"task_exec_iam_role_max_session_duration":{"default":null,"description":"Maximum session duration (in seconds) for ECS task execution role. Default is 3600."},"task_exec_iam_role_name":{"default":null,"description":"Name to use on IAM role created"},"task_exec_iam_role_path":{"default":null,"description":"IAM role path"},"task_exec_iam_role_permissions_boundary":{"default":null,"description":"ARN of the policy that is used to set the permissions boundary for the IAM role"},"task_exec_iam_role_policies":{"default":{},"description":"Map of IAM role policy ARNs to attach to the IAM role"},"task_exec_iam_role_tags":{"default":{},"description":"A map of additional tags to add to the IAM role created"},"task_exec_iam_role_use_name_prefix":{"default":true,"description":"Determines whether the IAM role name (`task_exec_iam_role_name`) is used as a prefix"},"task_exec_iam_statements":{"default":null,"description":"A map of IAM policy [statements](https://registry.terraform.io/providers/hashicorp/aws/latest/docs/data-sources/iam_policy_document#statement) for custom permission usage"},"task_exec_secret_arns":{"default":[],"description":"List of SecretsManager secret ARNs the task execution role will be permitted to get/read"},"task_exec_ssm_param_arns":{"default":[],"description":"List of SSM parameter ARNs the task execution role will be permitted to get/read"},"task_tags":{"default":{},"description":"A map of additional tags to add to the task definition/set created"},"tasks_iam_role_arn":{"default":null,"description":"Existing IAM role ARN"},"tasks_iam_role_description":{"default":null,"description":"Description of the role"},"tasks_iam_role_max_session_duration":{"default":null,"description":"Maximum session duration (in seconds) for ECS tasks role. Default is 3600."},"tasks_iam_role_name":{"default":null,"description":"Name to use on IAM role created"},"tasks_iam_role_path":{"default":null,"description":"IAM role path"},"tasks_iam_role_permissions_boundary":{"default":null,"description":"ARN of the policy that is used to set the permissions boundary for the IAM role"},"tasks_iam_role_policies":{"default":{},"description":"Map of additioanl IAM role policy ARNs to attach to the IAM role"},"tasks_iam_role_statements":{"default":null,"description":"A map of IAM policy [statements](https://registry.terraform.io/providers/hashicorp/aws/latest/docs/data-sources/iam_policy_document#statement) for custom permission usage"},"tasks_iam_role_tags":{"default":{},"description":"A map of additional tags to add to the IAM role created"},"tasks_iam_role_use_name_prefix":{"default":true,"description":"Determines whether the IAM role name (`tasks_iam_role_name`) is used as a prefix"},"timeouts":{"default":null,"description":"Create, update, and delete timeout configurations for the service"},"track_latest":{"default":true,"description":"Whether should track latest `ACTIVE` task definition on AWS or the one created with the resource stored in state. Useful in the event the task definition is modified outside of this resource"},"triggers":{"default":null,"description":"Map of arbitrary keys and values that, when changed, will trigger an in-place update (redeployment). Useful with `timestamp()`"},"volume":{"default":null,"description":"Configuration block for volumes that containers in your task may use"},"volume_configuration":{"default":null,"description":"Configuration for a volume specified in the task definition as a volume that is configured at launch time"},"vpc_id":{"default":null,"description":"The VPC ID where to deploy the task or service. If not provided, the VPC ID is derived from the subnets provided"},"vpc_lattice_configurations":{"default":null,"description":"The VPC Lattice configuration for your service that allows Lattice to connect, secure, and monitor your service across multiple accounts and VPCs"},"wait_for_steady_state":{"default":null,"description":"If true, Terraform will wait for the service to reach a steady state before continuing. Default is `false`"},"wait_until_stable":{"default":null,"description":"Whether terraform should wait until the task set has reached `STEADY_STATE`"},"wait_until_stable_timeout":{"default":null,"description":"Wait timeout for task set to reach `STEADY_STATE`. Valid time units include `ns`, `us` (or µs), `ms`, `s`, `m`, and `h`. Default `10m`"}}}}},"variables":{"capacity_providers":{"default":null,"description":"Map of capacity provider definitions to create for the cluster"},"cloudwatch_log_group_class":{"default":null,"description":"Specified the log class of the log group. Possible values are: `STANDARD` or `INFREQUENT_ACCESS`"},"cloudwatch_log_group_kms_key_id":{"default":null,"description":"If a KMS Key ARN is set, this key will be used to encrypt the corresponding log group. Please be sure that the KMS Key has an appropriate key policy (https://docs.aws.amazon.com/AmazonCloudWatch/latest/logs/encrypt-log-data-kms.html)"},"cloudwatch_log_group_name":{"default":null,"description":"Custom name of CloudWatch Log Group for ECS cluster"},"cloudwatch_log_group_retention_in_days":{"default":90,"description":"Number of days to retain log events"},"cloudwatch_log_group_tags":{"default":{},"description":"A map of additional tags to add to the log group created"},"cluster_capacity_providers":{"default":[],"description":"List of capacity provider names to associate with the ECS cluster. Note: any capacity providers created by this module will be automatically added"},"cluster_configuration":{"default":{"execute_command_configuration":{"kms_key_id":null,"log_configuration":{"cloud_watch_encryption_enabled":null,"cloud_watch_log_group_name":"placeholder","s3_bucket_encryption_enabled":null,"s3_bucket_name":null,"s3_key_prefix":null,"s3_kms_key_id":null},"logging":"OVERRIDE"},"managed_storage_configuration":null},"description":"The execute command configuration for the cluster"},"cluster_name":{"default":"","description":"Name of the cluster (up to 255 letters, numbers, hyphens, and underscores)"},"cluster_service_connect_defaults":{"default":null,"description":"Configures a default Service Connect namespace"},"cluster_setting":{"default":[{"name":"containerInsights","value":"enabled"}],"description":"List of configuration block(s) with cluster settings. For example, this can be used to enable CloudWatch Container Insights for a cluster"},"cluster_tags":{"default":{},"description":"A map of additional tags to add to the cluster"},"create":{"default":true,"description":"Determines whether resources will be created (affects all resources)"},"create_cloudwatch_log_group":{"default":true,"description":"Determines whether a log group is created by this module for the cluster logs. If not, AWS will automatically create one if logging is enabled"},"create_infrastructure_iam_role":{"default":true,"description":"Determines whether the ECS infrastructure IAM role should be created"},"create_node_iam_instance_profile":{"default":true,"description":"Determines whether an IAM instance profile is created or to use an existing IAM instance profile"},"create_security_group":{"default":true,"description":"Determines if a security group is created"},"create_task_exec_iam_role":{"default":false,"description":"Determines whether the ECS task definition IAM role should be created"},"create_task_exec_policy":{"default":true,"description":"Determines whether the ECS task definition IAM policy should be created. This includes permissions included in AmazonECSTaskExecutionRolePolicy as well as access to secrets and SSM parameters"},"default_capacity_provider_strategy":{"default":null,"description":"Map of default capacity provider strategy definitions to use for the cluster"},"disable_v7_default_name_description":{"default":false,"description":"[DEPRECATED - will be removed in v8.0] Determines whether to disable the default postfix added to resource names and descriptions added in v7.0"},"infrastructure_iam_role_description":{"default":null,"description":"Description of the role"},"infrastructure_iam_role_name":{"default":null,"description":"Name to use on IAM role created"},"infrastructure_iam_role_override_policy_documents":{"default":[],"description":"List of IAM policy documents that are merged together into the exported document. In merging, statements with non-blank `sid`s will override statements with the same `sid`"},"infrastructure_iam_role_path":{"default":null,"description":"IAM role path"},"infrastructure_iam_role_permissions_boundary":{"default":null,"description":"ARN of the policy that is used to set the permissions boundary for the IAM role"},"infrastructure_iam_role_source_policy_documents":{"default":[],"description":"List of IAM policy documents that are merged together into the exported document. Statements must have unique `sid`s"},"infrastructure_iam_role_statements":{"default":null,"description":"A map of IAM policy [statements](https://registry.terraform.io/providers/hashicorp/aws/latest/docs/data-sources/iam_policy_document#statement) for custom permission usage"},"infrastructure_iam_role_tags":{"default":{},"description":"A map of additional tags to add to the IAM role created"},"infrastructure_iam_role_use_name_prefix":{"default":true,"description":"Determines whether the IAM role name (`iam_role_name`) is used as a prefix"},"node_iam_role_additional_policies":{"default":{},"description":"Additional policies to be added to the IAM role"},"node_iam_role_description":{"default":"ECS Managed Instances node IAM role","description":"Description of the role"},"node_iam_role_name":{"default":null,"description":"Name to use on IAM role/instance profile created"},"node_iam_role_override_policy_documents":{"default":[],"description":"List of IAM policy documents that are merged together into the exported document. In merging, statements with non-blank `sid`s will override statements with the same `sid`"},"node_iam_role_path":{"default":null,"description":"IAM role/instance profile path"},"node_iam_role_permissions_boundary":{"default":null,"description":"ARN of the policy that is used to set the permissions boundary for the IAM role"},"node_iam_role_source_policy_documents":{"default":[],"description":"List of IAM policy documents that are merged together into the exported document. Statements must have unique `sid`s"},"node_iam_role_statements":{"default":null,"description":"A map of IAM policy [statements](https://registry.terraform.io/providers/hashicorp/aws/latest/docs/data-sources/iam_policy_document#statement) for custom permission usage"},"node_iam_role_tags":{"default":{},"description":"A map of additional tags to add to the IAM role/instance profile created"},"node_iam_role_use_name_prefix":{"default":true,"description":"Determines whether the IAM role/instance profile name (`node_iam_role_name`) is used as a prefix"},"region":{"default":null,"description":"Region where the resource(s) will be managed. Defaults to the Region set in the provider configuration"},"security_group_description":{"default":null,"description":"Description of the security group created"},"security_group_egress_rules":{"default":{"all_ipv4":{"cidr_ipv4":"0.0.0.0/0","cidr_ipv6":null,"description":"Allow all IPv4 traffic","from_port":null,"ip_protocol":"-1","name":null,"prefix_list_id":null,"referenced_security_group_id":null,"tags":{},"to_port":null},"all_ipv6":{"cidr_ipv4":null,"cidr_ipv6":"::/0","description":"Allow all IPv6 traffic","from_port":null,"ip_protocol":"-1","name":null,"prefix_list_id":null,"referenced_security_group_id":null,"tags":{},"to_port":null}},"description":"Security group egress rules to add to the security group created"},"security_group_ingress_rules":{"default":{},"description":"Security group ingress rules to add to the security group created"},"security_group_name":{"default":null,"description":"Name to use on security group created"},"security_group_tags":{"default":{},"description":"A map of additional tags to add to the security group created"},"security_group_use_name_prefix":{"default":true,"description":"Determines whether the security group name (`security_group_name`) is used as a prefix"},"services":{"default":null,"description":"Map of service definitions to create"},"tags":{"default":{},"description":"A map of tags to add to all resources"},"task_exec_iam_role_description":{"default":null,"description":"Description of the role"},"task_exec_iam_role_name":{"default":null,"description":"Name to use on IAM role created"},"task_exec_iam_role_path":{"default":null,"description":"IAM role path"},"task_exec_iam_role_permissions_boundary":{"default":null,"description":"ARN of the policy that is used to set the permissions boundary for the IAM role"},"task_exec_iam_role_policies":{"default":{},"description":"Map of IAM role policy ARNs to attach to the IAM role"},"task_exec_iam_role_tags":{"default":{},"description":"A map of additional tags to add to the IAM role created"},"task_exec_iam_role_use_name_prefix":{"default":true,"description":"Determines whether the IAM role name (`task_exec_iam_role_name`) is used as a prefix"},"task_exec_iam_statements":{"default":null,"description":"A map of IAM policy [statements](https://registry.terraform.io/providers/hashicorp/aws/latest/docs/data-sources/iam_policy_document#statement) for custom permission usage"},"task_exec_secret_arns":{"default":[],"description":"List of SecretsManager secret ARNs the task execution role will be permitted to get/read"},"task_exec_ssm_param_arns":{"default":[],"description":"List of SSM parameter ARNs the task execution role will be permitted to get/read"},"vpc_id":{"default":null,"description":"The ID of the VPC where the security group will be created"}}},"version_constraint":"~\u003e 7.3"},"vpc":{"source":"terraform-aws-modules/vpc/aws","expressions":{"azs":{"references":["local.azs"]},"cidr":{"references":["var.vpc_cidr"]},"enable_dns_hostnames":{"constant_value":true},"enable_dns_support":{"constant_value":true},"enable_nat_gateway":{"constant_value":true},"name":{"references":["var.name"]},"one_nat_gateway_per_az":{"constant_value":true},"private_subnets":{"references":["local.azs","var.vpc_cidr"]},"public_subnets":{"references":["local.azs","var.vpc_cidr"]},"single_nat_gateway":{"constant_value":false}},"module":{"outputs":{"azs":{"expression":{"references":["var.azs"]},"description":"A list of availability zones specified as argument to this module"},"cgw_arns":{"expression":{"references":["aws_customer_gateway.this"]},"description":"List of ARNs of Customer Gateway"},"cgw_ids":{"expression":{"references":["aws_customer_gateway.this"]},"description":"List of IDs of Customer Gateway"},"database_internet_gateway_route_id":{"expression":{"references":["aws_route.database_internet_gateway[0].id","aws_route.database_internet_gateway[0]","aws_route.database_internet_gateway"]},"description":"ID of the database internet gateway route"},"database_ipv6_egress_route_id":{"expression":{"references":["aws_route.database_ipv6_egress[0].id","aws_route.database_ipv6_egress[0]","aws_route.database_ipv6_egress"]},"description":"ID of the database IPv6 egress route"},"database_nat_gateway_route_ids":{"expression":{"references":["aws_route.database_nat_gateway"]},"description":"List of IDs of the database nat gateway route"},"database_network_acl_arn":{"expression":{"references":["aws_network_acl.database[0].arn","aws_network_acl.database[0]","aws_network_acl.database"]},"description":"ARN of the database network ACL"},"database_network_acl_id":{"expression":{"references":["aws_network_acl.database[0].id","aws_network_acl.database[0]","aws_network_acl.database"]},"description":"ID of the database network ACL"},"database_route_table_association_ids":{"expression":{"references":["aws_route_table_association.database"]},"description":"List of IDs of the database route table association"},"database_route_table_ids":{"expression":{"references":["aws_route_table.database","aws_route_table.database","aws_route_table.private"]},"description":"List of IDs of database route tables"},"database_subnet_arns":{"expression":{"references":["aws_subnet.database"]},"description":"List of ARNs of database subnets"},"database_subnet_group":{"expression":{"references":["aws_db_subnet_group.database[0].id","aws_db_subnet_group.database[0]","aws_db_subnet_group.database"]},"description":"ID of database subnet group"},"database_subnet_group_name":{"expression":{"references":["aws_db_subnet_group.database[0].name","aws_db_subnet_group.database[0]","aws_db_subnet_group.database"]},"description":"Name of database subnet group"},"database_subnet_objects":{"expression":{"references":["aws_subnet.database"]},"description":"A list of all database subnets, containing the full objects."},"database_subnets":{"expression":{"references":["aws_subnet.database"]},"description":"List of IDs of database subnets"},"database_subnets_cidr_blocks":{"expression":{"references":["aws_subnet.database"]},"description":"List of cidr_blocks of database subnets"},"database_subnets_ipv6_cidr_blocks":{"expression":{"references":["aws_subnet.database"]},"description":"List of IPv6 cidr_blocks of database subnets in an IPv6 enabled VPC"},"default_network_acl_id":{"expression":{"references":["aws_vpc.this[0].default_network_acl_id","aws_vpc.this[0]","aws_vpc.this"]},"description":"The ID of the default network ACL"},"default_route_table_id":{"expression":{"references":["aws_vpc.this[0].default_route_table_id","aws_vpc.this[0]","aws_vpc.this"]},"description":"The ID of the default route table"},"default_security_group_id":{"expression":{"references":["aws_vpc.this[0].default_security_group_id","aws_vpc.this[0]","aws_vpc.this"]},"description":"The ID of the security group created by default on VPC creation"},"default_vpc_arn":{"expression":{"references":["aws_default_vpc.this[0].arn","aws_default_vpc.this[0]","aws_default_vpc.this"]},"description":"The ARN of the Default VPC"},"default_vpc_cidr_block":{"expression":{"references":["aws_default_vpc.this[0].cidr_block","aws_default_vpc.this[0]","aws_default_vpc.this"]},"description":"The CIDR block of the Default VPC"},"default_vpc_default_network_acl_id":{"expression":{"references":["aws_default_vpc.this[0].default_network_acl_id","aws_default_vpc.this[0]","aws_default_vpc.this"]},"description":"The ID of the default network ACL of the Default VPC"},"default_vpc_default_route_table_id":{"expression":{"references":["aws_default_vpc.this[0].default_route_table_id","aws_default_vpc.this[0]","aws_default_vpc.this"]},"description":"The ID of the default route table of the Default VPC"},"default_vpc_default_security_group_id":{"expression":{"references":["aws_default_vpc.this[0].default_security_group_id","aws_default_vpc.this[0]","aws_default_vpc.this"]},"description":"The ID of the security group created by default on Default VPC creation"},"default_vpc_enable_dns_hostnames":{"expression":{"references":["aws_default_vpc.this[0].enable_dns_hostnames","aws_default_vpc.this[0]","aws_default_vpc.this"]},"description":"Whether or not the Default VPC has DNS hostname support"},"default_vpc_enable_dns_support":{"expression":{"references":["aws_default_vpc.this[0].enable_dns_support","aws_default_vpc.this[0]","aws_default_vpc.this"]},"description":"Whether or not the Default VPC has DNS support"},"default_vpc_id":{"expression":{"references":["aws_default_vpc.this[0].id","aws_default_vpc.this[0]","aws_default_vpc.this"]},"description":"The ID of the Default VPC"},"default_vpc_instance_tenancy":{"expression":{"references":["aws_default_vpc.this[0].instance_tenancy","aws_default_vpc.this[0]","aws_default_vpc.this"]},"description":"Tenancy of instances spin up within Default VPC"},"default_vpc_main_route_table_id":{"expression":{"references":["aws_default_vpc.this[0].main_route_table_id","aws_default_vpc.this[0]","aws_default_vpc.this"]},"description":"The ID of the main route table associated with the Default VPC"},"dhcp_options_id":{"expression":{"references":["aws_vpc_dhcp_options.this[0].id","aws_vpc_dhcp_options.this[0]","aws_vpc_dhcp_options.this"]},"description":"The ID of the DHCP options"},"egress_only_internet_gateway_id":{"expression":{"references":["aws_egress_only_internet_gateway.this[0].id","aws_egress_only_internet_gateway.this[0]","aws_egress_only_internet_gateway.this"]},"description":"The ID of the egress only Internet Gateway"},"elasticache_network_acl_arn":{"expression":{"references":["aws_network_acl.elasticache[0].arn","aws_network_acl.elasticache[0]","aws_network_acl.elasticache"]},"description":"ARN of the elasticache network ACL"},"elasticache_network_acl_id":{"expression":{"references":["aws_network_acl.elasticache[0].id","aws_network_acl.elasticache[0]","aws_network_acl.elasticache"]},"description":"ID of the elasticache network ACL"},"elasticache_route_table_association_ids":{"expression":{"references":["aws_route_table_association.elasticache"]},"description":"List of IDs of the elasticache route table association"},"elasticache_route_table_ids":{"expression":{"references":["aws_route_table.elasticache","local.private_route_table_ids"]},"description":"List of IDs of elasticache route tables"},"elasticache_subnet_arns":{"expression":{"references":["aws_subnet.elasticache"]},"description":"List of ARNs of elasticache subnets"},"elasticache_subnet_group":{"expression":{"references":["aws_elasticache_subnet_group.elasticache[0].id","aws_elasticache_subnet_group.elasticache[0]","aws_elasticache_subnet_group.elasticache"]},"description":"ID of elasticache subnet group"},"elasticache_subnet_group_name":{"expression":{"references":["aws_elasticache_subnet_group.elasticache[0].name","aws_elasticache_subnet_group.elasticache[0]","aws_elasticache_subnet_group.elasticache"]},"description":"Name of elasticache subnet group"},"elasticache_subnet_objects":{"expression":{"references":["aws_subnet.elasticache"]},"description":"A list of all elasticache subnets, containing the full objects."},"elasticache_subnets":{"expression":{"references":["aws_subnet.elasticache"]},"description":"List of IDs of elasticache subnets"},"elasticache_subnets_cidr_blocks":{"expression":{"references":["aws_subnet.elasticache"]},"description":"List of cidr_blocks of elasticache subnets"},"elasticache_subnets_ipv6_cidr_blocks":{"expression":{"references":["aws_subnet.elasticache"]},"description":"List of IPv6 cidr_blocks of elasticache subnets in an IPv6 enabled VPC"},"igw_arn":{"expression":{"references":["aws_internet_gateway.this[0].arn","aws_internet_gateway.this[0]","aws_internet_gateway.this"]},"description":"The ARN of the Internet Gateway"},"igw_id":{"expression":{"references":["aws_internet_gateway.this[0].id","aws_internet_gateway.this[0]","aws_internet_gateway.this"]},"description":"The ID of the Internet Gateway"},"intra_network_acl_arn":{"expression":{"references":["aws_network_acl.intra[0].arn","aws_network_acl.intra[0]","aws_network_acl.intra"]},"description":"ARN of the intra network ACL"},"intra_network_acl_id":{"expression":{"references":["aws_network_acl.intra[0].id","aws_network_acl.intra[0]","aws_network_acl.intra"]},"description":"ID of the intra network ACL"},"intra_route_table_association_ids":{"expression":{"references":["aws_route_table_association.intra"]},"description":"List of IDs of the intra route table association"},"intra_route_table_ids":{"expression":{"references":["aws_route_table.intra"]},"description":"List of IDs of intra route tables"},"intra_subnet_arns":{"expression":{"references":["aws_subnet.intra"]},"description":"List of ARNs of intra subnets"},"intra_subnet_objects":{"expression":{"references":["aws_subnet.intra"]},"description":"A list of all intra subnets, containing the full objects."},"intra_subnets":{"expression":{"references":["aws_subnet.intra"]},"description":"List of IDs of intra subnets"},"intra_subnets_cidr_blocks":{"expression":{"references":["aws_subnet.intra"]},"description":"List of cidr_blocks of intra subnets"},"intra_subnets_ipv6_cidr_blocks":{"expression":{"references":["aws_subnet.intra"]},"description":"List of IPv6 cidr_blocks of intra subnets in an IPv6 enabled VPC"},"name":{"expression":{"references":["var.name"]},"description":"The name of the VPC specified as argument to this module"},"nat_ids":{"expression":{"references":["aws_eip.nat"]},"description":"List of allocation ID of Elastic IPs created for AWS NAT Gateway"},"nat_public_ips":{"expression":{"references":["var.reuse_nat_ips","var.external_nat_ips","aws_eip.nat"]},"description":"List of public Elastic IPs created for AWS NAT Gateway"},"natgw_ids":{"expression":{"references":["aws_nat_gateway.this"]},"description":"List of NAT Gateway IDs"},"natgw_interface_ids":{"expression":{"references":["aws_nat_gateway.this"]},"description":"List of Network Interface IDs assigned to NAT Gateways"},"outpost_network_acl_arn":{"expression":{"references":["aws_network_acl.outpost[0].arn","aws_network_acl.outpost[0]","aws_network_acl.outpost"]},"description":"ARN of the outpost network ACL"},"outpost_network_acl_id":{"expression":{"references":["aws_network_acl.outpost[0].id","aws_network_acl.outpost[0]","aws_network_acl.outpost"]},"description":"ID of the outpost network ACL"},"outpost_subnet_arns":{"expression":{"references":["aws_subnet.outpost"]},"description":"List of ARNs of outpost subnets"},"outpost_subnet_objects":{"expression":{"references":["aws_subnet.outpost"]},"description":"A list of all outpost subnets, containing the full objects."},"outpost_subnets":{"expression":{"references":["aws_subnet.outpost"]},"description":"List of IDs of outpost subnets"},"outpost_subnets_cidr_blocks":{"expression":{"references":["aws_subnet.outpost"]},"description":"List of cidr_blocks of outpost subnets"},"outpost_subnets_ipv6_cidr_blocks":{"expression":{"references":["aws_subnet.outpost"]},"description":"List of IPv6 cidr_blocks of outpost subnets in an IPv6 enabled VPC"},"private_ipv6_egress_route_ids":{"expression":{"references":["aws_route.private_ipv6_egress"]},"description":"List of IDs of the ipv6 egress route"},"private_nat_gateway_route_ids":{"expression":{"references":["aws_route.private_nat_gateway"]},"description":"List of IDs of the private nat gateway route"},"private_network_acl_arn":{"expression":{"references":["aws_network_acl.private[0].arn","aws_network_acl.private[0]","aws_network_acl.private"]},"description":"ARN of the private network ACL"},"private_network_acl_id":{"expression":{"references":["aws_network_acl.private[0].id","aws_network_acl.private[0]","aws_network_acl.private"]},"description":"ID of the private network ACL"},"private_route_table_association_ids":{"expression":{"references":["aws_route_table_association.private"]},"description":"List of IDs of the private route table association"},"private_route_table_ids":{"expression":{"references":["local.private_route_table_ids"]},"description":"List of IDs of private route tables"},"private_subnet_arns":{"expression":{"references":["aws_subnet.private"]},"description":"List of ARNs of private subnets"},"private_subnet_objects":{"expression":{"references":["aws_subnet.private"]},"description":"A list of all private subnets, containing the full objects."},"private_subnets":{"expression":{"references":["aws_subnet.private"]},"description":"List of IDs of private subnets"},"private_subnets_cidr_blocks":{"expression":{"references":["aws_subnet.private"]},"description":"List of cidr_blocks of private subnets"},"private_subnets_ipv6_cidr_blocks":{"expression":{"references":["aws_subnet.private"]},"description":"List of IPv6 cidr_blocks of private subnets in an IPv6 enabled VPC"},"public_internet_gateway_ipv6_route_id":{"expression":{"references":["aws_route.public_internet_gateway_ipv6[0].id","aws_route.public_internet_gateway_ipv6[0]","aws_route.public_internet_gateway_ipv6"]},"description":"ID of the IPv6 internet gateway route"},"public_internet_gateway_route_id":{"expression":{"references":["aws_route.public_internet_gateway[0].id","aws_route.public_internet_gateway[0]","aws_route.public_internet_gateway"]},"description":"ID of the internet gateway route"},"public_network_acl_arn":{"expression":{"references":["aws_network_acl.public[0].arn","aws_network_acl.public[0]","aws_network_acl.public"]},"description":"ARN of the public network ACL"},"public_network_acl_id":{"expression":{"references":["aws_network_acl.public[0].id","aws_network_acl.public[0]","aws_network_acl.public"]},"description":"ID of the public network ACL"},"public_route_table_association_ids":{"expression":{"references":["aws_route_table_association.public"]},"description":"List of IDs of the public route table association"},"public_route_table_ids":{"expression":{"references":["local.public_route_table_ids"]},"description":"List of IDs of public route tables"},"public_subnet_arns":{"expression":{"references":["aws_subnet.public"]},"description":"List of ARNs of public subnets"},"public_subnet_objects":{"expression":{"references":["aws_subnet.public"]},"description":"A list of all public subnets, containing the full objects."},"public_subnets":{"expression":{"references":["aws_subnet.public"]},"description":"List of IDs of public subnets"},"public_subnets_cidr_blocks":{"expression":{"references":["aws_subnet.public"]},"description":"List of cidr_blocks of public subnets"},"public_subnets_ipv6_cidr_blocks":{"expression":{"references":["aws_subnet.public"]},"description":"List of IPv6 cidr_blocks of public subnets in an IPv6 enabled VPC"},"redshift_network_acl_arn":{"expression":{"references":["aws_network_acl.redshift[0].arn","aws_network_acl.redshift[0]","aws_network_acl.redshift"]},"description":"ARN of the redshift network ACL"},"redshift_network_acl_id":{"expression":{"references":["aws_network_acl.redshift[0].id","aws_network_acl.redshift[0]","aws_network_acl.redshift"]},"description":"ID of the redshift network ACL"},"redshift_public_route_table_association_ids":{"expression":{"references":["aws_route_table_association.redshift_public"]},"description":"List of IDs of the public redshift route table association"},"redshift_route_table_association_ids":{"expression":{"references":["aws_route_table_association.redshift"]},"description":"List of IDs of the redshift route table association"},"redshift_route_table_ids":{"expression":{"references":["local.redshift_route_table_ids","local.redshift_route_table_ids","var.enable_public_redshift","local.public_route_table_ids","local.private_route_table_ids"]},"description":"List of IDs of redshift route tables"},"redshift_subnet_arns":{"expression":{"references":["aws_subnet.redshift"]},"description":"List of ARNs of redshift subnets"},"redshift_subnet_group":{"expression":{"references":["aws_redshift_subnet_group.redshift[0].id","aws_redshift_subnet_group.redshift[0]","aws_redshift_subnet_group.redshift"]},"description":"ID of redshift subnet group"},"redshift_subnet_objects":{"expression":{"references":["aws_subnet.redshift"]},"description":"A list of all redshift subnets, containing the full objects."},"redshift_subnets":{"expression":{"references":["aws_subnet.redshift"]},"description":"List of IDs of redshift subnets"},"redshift_subnets_cidr_blocks":{"expression":{"references":["aws_subnet.redshift"]},"description":"List of cidr_blocks of redshift subnets"},"redshift_subnets_ipv6_cidr_blocks":{"expression":{"references":["aws_subnet.redshift"]},"description":"List of IPv6 cidr_blocks of redshift subnets in an IPv6 enabled VPC"},"this_customer_gateway":{"expression":{"references":["aws_customer_gateway.this"]},"description":"Map of Customer Gateway attributes"},"vgw_arn":{"expression":{"references":["aws_vpn_gateway.this[0].arn","aws_vpn_gateway.this[0]","aws_vpn_gateway.this"]},"description":"The ARN of the VPN Gateway"},"vgw_id":{"expression":{"references":["aws_vpn_gateway.this[0].id","aws_vpn_gateway.this[0]","aws_vpn_gateway.this","aws_vpn_gateway_attachment.this[0].vpn_gateway_id","aws_vpn_gateway_attachment.this[0]","aws_vpn_gateway_attachment.this"]},"description":"The ID of the VPN Gateway"},"vpc_arn":{"expression":{"references":["aws_vpc.this[0].arn","aws_vpc.this[0]","aws_vpc.this"]},"description":"The ARN of the VPC"},"vpc_block_public_access_exclusions":{"expression":{"references":["aws_vpc_block_public_access_exclusion.this"]},"description":"A map of VPC block public access exclusions"},"vpc_cidr_block":{"expression":{"references":["aws_vpc.this[0].cidr_block","aws_vpc.this[0]","aws_vpc.this"]},"description":"The CIDR block of the VPC"},"vpc_enable_dns_hostnames":{"expression":{"references":["aws_vpc.this[0].enable_dns_hostnames","aws_vpc.this[0]","aws_vpc.this"]},"description":"Whether or not the VPC has DNS hostname support"},"vpc_enable_dns_support":{"expression":{"references":["aws_vpc.this[0].enable_dns_support","aws_vpc.this[0]","aws_vpc.this"]},"description":"Whether or not the VPC has DNS support"},"vpc_flow_log_cloudwatch_iam_role_arn":{"expression":{"references":["local.flow_log_iam_role_arn"]},"description":"The ARN of the IAM role used when pushing logs to Cloudwatch log group"},"vpc_flow_log_deliver_cross_account_role":{"expression":{"references":["aws_flow_log.this[0].deliver_cross_account_role","aws_flow_log.this[0]","aws_flow_log.this"]},"description":"The ARN of the IAM role used when pushing logs cross account"},"vpc_flow_log_destination_arn":{"expression":{"references":["local.flow_log_destination_arn"]},"description":"The ARN of the destination for VPC Flow Logs"},"vpc_flow_log_destination_type":{"expression":{"references":["var.flow_log_destination_type"]},"description":"The type of the destination for VPC Flow Logs"},"vpc_flow_log_id":{"expression":{"references":["aws_flow_log.this[0].id","aws_flow_log.this[0]","aws_flow_log.this"]},"description":"The ID of the Flow Log resource"},"vpc_id":{"expression":{"references":["aws_vpc.this[0].id","aws_vpc.this[0]","aws_vpc.this"]},"description":"The ID of the VPC"},"vpc_instance_tenancy":{"expression":{"references":["aws_vpc.this[0].instance_tenancy","aws_vpc.this[0]","aws_vpc.this"]},"description":"Tenancy of instances spin up within VPC"},"vpc_ipv6_association_id":{"expression":{"references":["aws_vpc.this[0].ipv6_association_id","aws_vpc.this[0]","aws_vpc.this"]},"description":"The association ID for the IPv6 CIDR block"},"vpc_ipv6_cidr_block":{"expression":{"references":["aws_vpc.this[0].ipv6_cidr_block","aws_vpc.this[0]","aws_vpc.this"]},"description":"The IPv6 CIDR block"},"vpc_main_route_table_id":{"expression":{"references":["aws_vpc.this[0].main_route_table_id","aws_vpc.this[0]","aws_vpc.this"]},"description":"The ID of the main route table associated with this VPC"},"vpc_owner_id":{"expression":{"references":["aws_vpc.this[0].owner_id","aws_vpc.this[0]","aws_vpc.this"]},"description":"The ID of the AWS account that owns the VPC"},"vpc_secondary_cidr_blocks":{"expression":{"references":["aws_vpc_ipv4_cidr_block_association.this"]},"description":"List of secondary CIDR blocks of the VPC"}},"resources":[{"address":"aws_cloudwatch_log_group.flow_log","mode":"managed","type":"aws_cloudwatch_log_group","name":"flow_log","provider_config_key":"aws","expressions":{"kms_key_id":{"references":["var.flow_log_cloudwatch_log_group_kms_key_id"]},"log_group_class":{"references":["var.flow_log_cloudwatch_log_group_class"]},"name":{"references":["var.flow_log_cloudwatch_log_group_name_prefix","local.flow_log_cloudwatch_log_group_name_suffix"]},"region":{"references":["var.region"]},"retention_in_days":{"references":["var.flow_log_cloudwatch_log_group_retention_in_days"]},"skip_destroy":{"references":["var.flow_log_cloudwatch_log_group_skip_destroy"]},"tags":{"references":["var.tags","var.vpc_flow_log_tags"]}},"schema_version":0,"count_expression":{"references":["local.create_flow_log_cloudwatch_log_group"]}},{"address":"aws_customer_gateway.this","mode":"managed","type":"aws_customer_gateway","name":"this","provider_config_key":"aws","expressions":{"bgp_asn":{"references":["each.value"]},"bgp_asn_extended":{"references":["each.value"]},"device_name":{"references":["each.value"]},"ip_address":{"references":["each.value[\"ip_address\"]","each.value"]},"region":{"references":["var.region"]},"tags":{"references":["var.name","each.key","var.tags","var.customer_gateway_tags"]},"type":{"constant_value":"ipsec.1"}},"schema_version":0,"for_each_expression":{"references":["var.customer_gateways"]}},{"address":"aws_db_subnet_group.database","mode":"managed","type":"aws_db_subnet_group","name":"database","provider_config_key":"aws","expressions":{"description":{"references":["var.name"]},"name":{"references":["var.database_subnet_group_name","var.name"]},"region":{"references":["var.region"]},"subnet_ids":{"references":["aws_subnet.database"]},"tags":{"references":["var.database_subnet_group_name","var.name","var.tags","var.database_subnet_group_tags"]}},"schema_version":0,"count_expression":{"references":["local.create_database_subnets","var.create_database_subnet_group"]}},{"address":"aws_default_network_acl.this","mode":"managed","type":"aws_default_network_acl","name":"this","provider_config_key":"aws","expressions":{"default_network_acl_id":{"references":["aws_vpc.this[0].default_network_acl_id","aws_vpc.this[0]","aws_vpc.this"]},"region":{"references":["var.region"]},"subnet_ids":{"constant_value":null},"tags":{"references":["var.default_network_acl_name","var.name","var.tags","var.default_network_acl_tags"]}},"schema_version":0,"count_expression":{"references":["local.create_vpc","var.manage_default_network_acl"]}},{"address":"aws_default_route_table.default","mode":"managed","type":"aws_default_route_table","name":"default","provider_config_key":"aws","expressions":{"default_route_table_id":{"references":["aws_vpc.this[0].default_route_table_id","aws_vpc.this[0]","aws_vpc.this"]},"propagating_vgws":{"references":["var.default_route_table_propagating_vgws"]},"region":{"references":["var.region"]},"tags":{"references":["var.default_route_table_name","var.name","var.tags","var.default_route_table_tags"]},"timeouts":{"create":{"constant_value":"5m"},"update":{"constant_value":"5m"}}},"schema_version":0,"count_expression":{"references":["local.create_vpc","var.manage_default_route_table"]}},{"address":"aws_default_security_group.this","mode":"managed","type":"aws_default_security_group","name":"this","provider_config_key":"aws","expressions":{"region":{"references":["var.region"]},"tags":{"references":["var.default_security_group_name","var.name","var.tags","var.default_security_group_tags"]},"vpc_id":{"references":["aws_vpc.this[0].id","aws_vpc.this[0]","aws_vpc.this"]}},"schema_version":1,"count_expression":{"references":["local.create_vpc","var.manage_default_security_group"]}},{"address":"aws_default_vpc.this","mode":"managed","type":"aws_default_vpc","name":"this","provider_config_key":"aws","expressions":{"enable_dns_hostnames":{"references":["var.default_vpc_enable_dns_hostnames"]},"enable_dns_support":{"references":["var.default_vpc_enable_dns_support"]},"region":{"references":["var.region"]},"tags":{"references":["var.default_vpc_name","var.tags","var.default_vpc_tags"]}},"schema_version":1,"count_expression":{"references":["var.manage_default_vpc"]}},{"address":"aws_egress_only_internet_gateway.this","mode":"managed","type":"aws_egress_only_internet_gateway","name":"this","provider_config_key":"aws","expressions":{"region":{"references":["var.region"]},"tags":{"references":["var.name","var.tags","var.igw_tags"]},"vpc_id":{"references":["local.vpc_id"]}},"schema_version":0,"count_expression":{"references":["local.create_vpc","var.create_egress_only_igw","var.enable_ipv6","local.max_subnet_length"]}},{"address":"aws_eip.nat","mode":"managed","type":"aws_eip","name":"nat","provider_config_key":"aws","expressions":{"domain":{"constant_value":"vpc"},"region":{"references":["var.region"]},"tags":{"references":["var.name","var.azs","var.single_nat_gateway","count.index","var.tags","var.nat_eip_tags"]}},"schema_version":0,"count_expression":{"references":["local.create_vpc","var.enable_nat_gateway","var.reuse_nat_ips","local.nat_gateway_count"]},"depends_on":["aws_internet_gateway.this"]},{"address":"aws_elasticache_subnet_group.elasticache","mode":"managed","type":"aws_elasticache_subnet_group","name":"elasticache","provider_config_key":"aws","expressions":{"description":{"references":["var.name"]},"name":{"references":["var.elasticache_subnet_group_name","var.name"]},"region":{"references":["var.region"]},"subnet_ids":{"references":["aws_subnet.elasticache"]},"tags":{"references":["var.elasticache_subnet_group_name","var.name","var.tags","var.elasticache_subnet_group_tags"]}},"schema_version":0,"count_expression":{"references":["local.create_elasticache_subnets","var.create_elasticache_subnet_group"]}},{"address":"aws_flow_log.this","mode":"managed","type":"aws_flow_log","name":"this","provider_config_key":"aws","expressions":{"deliver_cross_account_role":{"references":["var.flow_log_deliver_cross_account_role"]},"iam_role_arn":{"references":["local.flow_log_iam_role_arn"]},"log_destination":{"references":["local.flow_log_destination_arn"]},"log_destination_type":{"references":["var.flow_log_destination_type"]},"log_format":{"references":["var.flow_log_log_format"]},"max_aggregation_interval":{"references":["var.flow_log_max_aggregation_interval"]},"region":{"references":["var.region"]},"tags":{"references":["var.tags","var.vpc_flow_log_tags"]},"traffic_type":{"references":["var.flow_log_traffic_type"]},"vpc_id":{"references":["local.vpc_id"]}},"schema_version":1,"count_expression":{"references":["local.enable_flow_log"]}},{"address":"aws_iam_policy.vpc_flow_log_cloudwatch","mode":"managed","type":"aws_iam_policy","name":"vpc_flow_log_cloudwatch","provider_config_key":"aws","expressions":{"name":{"references":["var.vpc_flow_log_iam_policy_use_name_prefix","var.vpc_flow_log_iam_policy_name"]},"name_prefix":{"references":["var.vpc_flow_log_iam_policy_use_name_prefix","var.vpc_flow_log_iam_policy_name"]},"policy":{"references":["data.aws_iam_policy_document.vpc_flow_log_cloudwatch[0].json","data.aws_iam_policy_document.vpc_flow_log_cloudwatch[0]","data.aws_iam_policy_document.vpc_flow_log_cloudwatch"]},"tags":{"references":["var.tags","var.vpc_flow_log_tags"]}},"schema_version":0,"count_expression":{"references":["local.create_flow_log_cloudwatch_iam_role"]}},{"address":"aws_iam_role.vpc_flow_log_cloudwatch","mode":"managed","type":"aws_iam_role","name":"vpc_flow_log_cloudwatch","provider_config_key":"aws","expressions":{"assume_role_policy":{"references":["data.aws_iam_policy_document.flow_log_cloudwatch_assume_role[0].json","data.aws_iam_policy_document.flow_log_cloudwatch_assume_role[0]","data.aws_iam_policy_document.flow_log_cloudwatch_assume_role"]},"name":{"references":["var.vpc_flow_log_iam_role_use_name_prefix","var.vpc_flow_log_iam_role_name"]},"name_prefix":{"references":["var.vpc_flow_log_iam_role_use_name_prefix","var.vpc_flow_log_iam_role_name"]},"path":{"references":["var.vpc_flow_log_iam_role_path"]},"permissions_boundary":{"references":["var.vpc_flow_log_permissions_boundary"]},"tags":{"references":["var.tags","var.vpc_flow_log_tags"]}},"schema_version":0,"count_expression":{"references":["local.create_flow_log_cloudwatch_iam_role"]}},{"address":"aws_iam_role_policy_attachment.vpc_flow_log_cloudwatch","mode":"managed","type":"aws_iam_role_policy_attachment","name":"vpc_flow_log_cloudwatch","provider_config_key":"aws","expressions":{"policy_arn":{"references":["aws_iam_policy.vpc_flow_log_cloudwatch[0].arn","aws_iam_policy.vpc_flow_log_cloudwatch[0]","aws_iam_policy.vpc_flow_log_cloudwatch"]},"role":{"references":["aws_iam_role.vpc_flow_log_cloudwatch[0].name","aws_iam_role.vpc_flow_log_cloudwatch[0]","aws_iam_role.vpc_flow_log_cloudwatch"]}},"schema_version":0,"count_expression":{"references":["local.create_flow_log_cloudwatch_iam_role"]}},{"address":"aws_internet_gateway.this","mode":"managed","type":"aws_internet_gateway","name":"this","provider_config_key":"aws","expressions":{"region":{"references":["var.region"]},"tags":{"references":["var.name","var.tags","var.igw_tags"]},"vpc_id":{"references":["local.vpc_id"]}},"schema_version":0,"count_expression":{"references":["local.create_public_subnets","var.create_igw"]}},{"address":"aws_nat_gateway.this","mode":"managed","type":"aws_nat_gateway","name":"this","provider_config_key":"aws","expressions":{"allocation_id":{"references":["local.nat_gateway_ips","var.single_nat_gateway","count.index"]},"region":{"references":["var.region"]},"subnet_id":{"references":["aws_subnet.public","var.single_nat_gateway","count.index"]},"tags":{"references":["var.name","var.azs","var.single_nat_gateway","count.index","var.tags","var.nat_gateway_tags"]}},"schema_version":0,"count_expression":{"references":["local.create_vpc","var.enable_nat_gateway","local.nat_gateway_count"]},"depends_on":["aws_internet_gateway.this"]},{"address":"aws_network_acl.database","mode":"managed","type":"aws_network_acl","name":"database","provider_config_key":"aws","expressions":{"region":{"references":["var.region"]},"subnet_ids":{"references":["aws_subnet.database"]},"tags":{"references":["var.name","var.database_subnet_suffix","var.tags","var.database_acl_tags"]},"vpc_id":{"references":["local.vpc_id"]}},"schema_version":0,"count_expression":{"references":["local.create_database_network_acl"]}},{"address":"aws_network_acl.elasticache","mode":"managed","type":"aws_network_acl","name":"elasticache","provider_config_key":"aws","expressions":{"region":{"references":["var.region"]},"subnet_ids":{"references":["aws_subnet.elasticache"]},"tags":{"references":["var.name","var.elasticache_subnet_suffix","var.tags","var.elasticache_acl_tags"]},"vpc_id":{"references":["local.vpc_id"]}},"schema_version":0,"count_expression":{"references":["local.create_elasticache_network_acl"]}},{"address":"aws_network_acl.intra","mode":"managed","type":"aws_network_acl","name":"intra","provider_config_key":"aws","expressions":{"region":{"references":["var.region"]},"subnet_ids":{"references":["aws_subnet.intra"]},"tags":{"references":["var.name","var.intra_subnet_suffix","var.tags","var.intra_acl_tags"]},"vpc_id":{"references":["local.vpc_id"]}},"schema_version":0,"count_expression":{"references":["local.create_intra_network_acl"]}},{"address":"aws_network_acl.outpost","mode":"managed","type":"aws_network_acl","name":"outpost","provider_config_key":"aws","expressions":{"region":{"references":["var.region"]},"subnet_ids":{"references":["aws_subnet.outpost"]},"tags":{"references":["var.name","var.outpost_subnet_suffix","var.tags","var.outpost_acl_tags"]},"vpc_id":{"references":["local.vpc_id"]}},"schema_version":0,"count_expression":{"references":["local.create_outpost_network_acl"]}},{"address":"aws_network_acl.private","mode":"managed","type":"aws_network_acl","name":"private","provider_config_key":"aws","expressions":{"region":{"references":["var.region"]},"subnet_ids":{"references":["aws_subnet.private"]},"tags":{"references":["var.name","var.private_subnet_suffix","var.tags","var.private_acl_tags"]},"vpc_id":{"references":["local.vpc_id"]}},"schema_version":0,"count_expression":{"references":["local.create_private_network_acl"]}},{"address":"aws_network_acl.public","mode":"managed","type":"aws_network_acl","name":"public","provider_config_key":"aws","expressions":{"region":{"references":["var.region"]},"subnet_ids":{"references":["aws_subnet.public"]},"tags":{"references":["var.name","var.public_subnet_suffix","var.tags","var.public_acl_tags"]},"vpc_id":{"references":["local.vpc_id"]}},"schema_version":0,"count_expression":{"references":["local.create_public_subnets","var.public_dedicated_network_acl"]}},{"address":"aws_network_acl.redshift","mode":"managed","type":"aws_network_acl","name":"redshift","provider_config_key":"aws","expressions":{"region":{"references":["var.region"]},"subnet_ids":{"references":["aws_subnet.redshift"]},"tags":{"references":["var.name","var.redshift_subnet_suffix","var.tags","var.redshift_acl_tags"]},"vpc_id":{"references":["local.vpc_id"]}},"schema_version":0,"count_expression":{"references":["local.create_redshift_network_acl"]}},{"address":"aws_network_acl_rule.database_inbound","mode":"managed","type":"aws_network_acl_rule","name":"database_inbound","provider_config_key":"aws","expressions":{"cidr_block":{"references":["var.database_inbound_acl_rules","count.index"]},"egress":{"constant_value":false},"from_port":{"references":["var.database_inbound_acl_rules","count.index"]},"icmp_code":{"references":["var.database_inbound_acl_rules","count.index"]},"icmp_type":{"references":["var.database_inbound_acl_rules","count.index"]},"ipv6_cidr_block":{"references":["var.database_inbound_acl_rules","count.index"]},"network_acl_id":{"references":["aws_network_acl.database[0].id","aws_network_acl.database[0]","aws_network_acl.database"]},"protocol":{"references":["var.database_inbound_acl_rules","count.index"]},"region":{"references":["var.region"]},"rule_action":{"references":["var.database_inbound_acl_rules","count.index"]},"rule_number":{"references":["var.database_inbound_acl_rules","count.index"]},"to_port":{"references":["var.database_inbound_acl_rules","count.index"]}},"schema_version":0,"count_expression":{"references":["local.create_database_network_acl","var.database_inbound_acl_rules"]}},{"address":"aws_network_acl_rule.database_outbound","mode":"managed","type":"aws_network_acl_rule","name":"database_outbound","provider_config_key":"aws","expressions":{"cidr_block":{"references":["var.database_outbound_acl_rules","count.index"]},"egress":{"constant_value":true},"from_port":{"references":["var.database_outbound_acl_rules","count.index"]},"icmp_code":{"references":["var.database_outbound_acl_rules","count.index"]},"icmp_type":{"references":["var.database_outbound_acl_rules","count.index"]},"ipv6_cidr_block":{"references":["var.database_outbound_acl_rules","count.index"]},"network_acl_id":{"references":["aws_network_acl.database[0].id","aws_network_acl.database[0]","aws_network_acl.database"]},"protocol":{"references":["var.database_outbound_acl_rules","count.index"]},"region":{"references":["var.region"]},"rule_action":{"references":["var.database_outbound_acl_rules","count.index"]},"rule_number":{"references":["var.database_outbound_acl_rules","count.index"]},"to_port":{"references":["var.database_outbound_acl_rules","count.index"]}},"schema_version":0,"count_expression":{"references":["local.create_database_network_acl","var.database_outbound_acl_rules"]}},{"address":"aws_network_acl_rule.elasticache_inbound","mode":"managed","type":"aws_network_acl_rule","name":"elasticache_inbound","provider_config_key":"aws","expressions":{"cidr_block":{"references":["var.elasticache_inbound_acl_rules","count.index"]},"egress":{"constant_value":false},"from_port":{"references":["var.elasticache_inbound_acl_rules","count.index"]},"icmp_code":{"references":["var.elasticache_inbound_acl_rules","count.index"]},"icmp_type":{"references":["var.elasticache_inbound_acl_rules","count.index"]},"ipv6_cidr_block":{"references":["var.elasticache_inbound_acl_rules","count.index"]},"network_acl_id":{"references":["aws_network_acl.elasticache[0].id","aws_network_acl.elasticache[0]","aws_network_acl.elasticache"]},"protocol":{"references":["var.elasticache_inbound_acl_rules","count.index"]},"region":{"references":["var.region"]},"rule_action":{"references":["var.elasticache_inbound_acl_rules","count.index"]},"rule_number":{"references":["var.elasticache_inbound_acl_rules","count.index"]},"to_port":{"references":["var.elasticache_inbound_acl_rules","count.index"]}},"schema_version":0,"count_expression":{"references":["local.create_elasticache_network_acl","var.elasticache_inbound_acl_rules"]}},{"address":"aws_network_acl_rule.elasticache_outbound","mode":"managed","type":"aws_network_acl_rule","name":"elasticache_outbound","provider_config_key":"aws","expressions":{"cidr_block":{"references":["var.elasticache_outbound_acl_rules","count.index"]},"egress":{"constant_value":true},"from_port":{"references":["var.elasticache_outbound_acl_rules","count.index"]},"icmp_code":{"references":["var.elasticache_outbound_acl_rules","count.index"]},"icmp_type":{"references":["var.elasticache_outbound_acl_rules","count.index"]},"ipv6_cidr_block":{"references":["var.elasticache_outbound_acl_rules","count.index"]},"network_acl_id":{"references":["aws_network_acl.elasticache[0].id","aws_network_acl.elasticache[0]","aws_network_acl.elasticache"]},"protocol":{"references":["var.elasticache_outbound_acl_rules","count.index"]},"region":{"references":["var.region"]},"rule_action":{"references":["var.elasticache_outbound_acl_rules","count.index"]},"rule_number":{"references":["var.elasticache_outbound_acl_rules","count.index"]},"to_port":{"references":["var.elasticache_outbound_acl_rules","count.index"]}},"schema_version":0,"count_expression":{"references":["local.create_elasticache_network_acl","var.elasticache_outbound_acl_rules"]}},{"address":"aws_network_acl_rule.intra_inbound","mode":"managed","type":"aws_network_acl_rule","name":"intra_inbound","provider_config_key":"aws","expressions":{"cidr_block":{"references":["var.intra_inbound_acl_rules","count.index"]},"egress":{"constant_value":false},"from_port":{"references":["var.intra_inbound_acl_rules","count.index"]},"icmp_code":{"references":["var.intra_inbound_acl_rules","count.index"]},"icmp_type":{"references":["var.intra_inbound_acl_rules","count.index"]},"ipv6_cidr_block":{"references":["var.intra_inbound_acl_rules","count.index"]},"network_acl_id":{"references":["aws_network_acl.intra[0].id","aws_network_acl.intra[0]","aws_network_acl.intra"]},"protocol":{"references":["var.intra_inbound_acl_rules","count.index"]},"region":{"references":["var.region"]},"rule_action":{"references":["var.intra_inbound_acl_rules","count.index"]},"rule_number":{"references":["var.intra_inbound_acl_rules","count.index"]},"to_port":{"references":["var.intra_inbound_acl_rules","count.index"]}},"schema_version":0,"count_expression":{"references":["local.create_intra_network_acl","var.intra_inbound_acl_rules"]}},{"address":"aws_network_acl_rule.intra_outbound","mode":"managed","type":"aws_network_acl_rule","name":"intra_outbound","provider_config_key":"aws","expressions":{"cidr_block":{"references":["var.intra_outbound_acl_rules","count.index"]},"egress":{"constant_value":true},"from_port":{"references":["var.intra_outbound_acl_rules","count.index"]},"icmp_code":{"references":["var.intra_outbound_acl_rules","count.index"]},"icmp_type":{"references":["var.intra_outbound_acl_rules","count.index"]},"ipv6_cidr_block":{"references":["var.intra_outbound_acl_rules","count.index"]},"network_acl_id":{"references":["aws_network_acl.intra[0].id","aws_network_acl.intra[0]","aws_network_acl.intra"]},"protocol":{"references":["var.intra_outbound_acl_rules","count.index"]},"region":{"references":["var.region"]},"rule_action":{"references":["var.intra_outbound_acl_rules","count.index"]},"rule_number":{"references":["var.intra_outbound_acl_rules","count.index"]},"to_port":{"references":["var.intra_outbound_acl_rules","count.index"]}},"schema_version":0,"count_expression":{"references":["local.create_intra_network_acl","var.intra_outbound_acl_rules"]}},{"address":"aws_network_acl_rule.outpost_inbound","mode":"managed","type":"aws_network_acl_rule","name":"outpost_inbound","provider_config_key":"aws","expressions":{"cidr_block":{"references":["var.outpost_inbound_acl_rules","count.index"]},"egress":{"constant_value":false},"from_port":{"references":["var.outpost_inbound_acl_rules","count.index"]},"icmp_code":{"references":["var.outpost_inbound_acl_rules","count.index"]},"icmp_type":{"references":["var.outpost_inbound_acl_rules","count.index"]},"ipv6_cidr_block":{"references":["var.outpost_inbound_acl_rules","count.index"]},"network_acl_id":{"references":["aws_network_acl.outpost[0].id","aws_network_acl.outpost[0]","aws_network_acl.outpost"]},"protocol":{"references":["var.outpost_inbound_acl_rules","count.index"]},"region":{"references":["var.region"]},"rule_action":{"references":["var.outpost_inbound_acl_rules","count.index"]},"rule_number":{"references":["var.outpost_inbound_acl_rules","count.index"]},"to_port":{"references":["var.outpost_inbound_acl_rules","count.index"]}},"schema_version":0,"count_expression":{"references":["local.create_outpost_network_acl","var.outpost_inbound_acl_rules"]}},{"address":"aws_network_acl_rule.outpost_outbound","mode":"managed","type":"aws_network_acl_rule","name":"outpost_outbound","provider_config_key":"aws","expressions":{"cidr_block":{"references":["var.outpost_outbound_acl_rules","count.index"]},"egress":{"constant_value":true},"from_port":{"references":["var.outpost_outbound_acl_rules","count.index"]},"icmp_code":{"references":["var.outpost_outbound_acl_rules","count.index"]},"icmp_type":{"references":["var.outpost_outbound_acl_rules","count.index"]},"ipv6_cidr_block":{"references":["var.outpost_outbound_acl_rules","count.index"]},"network_acl_id":{"references":["aws_network_acl.outpost[0].id","aws_network_acl.outpost[0]","aws_network_acl.outpost"]},"protocol":{"references":["var.outpost_outbound_acl_rules","count.index"]},"region":{"references":["var.region"]},"rule_action":{"references":["var.outpost_outbound_acl_rules","count.index"]},"rule_number":{"references":["var.outpost_outbound_acl_rules","count.index"]},"to_port":{"references":["var.outpost_outbound_acl_rules","count.index"]}},"schema_version":0,"count_expression":{"references":["local.create_outpost_network_acl","var.outpost_outbound_acl_rules"]}},{"address":"aws_network_acl_rule.private_inbound","mode":"managed","type":"aws_network_acl_rule","name":"private_inbound","provider_config_key":"aws","expressions":{"cidr_block":{"references":["var.private_inbound_acl_rules","count.index"]},"egress":{"constant_value":false},"from_port":{"references":["var.private_inbound_acl_rules","count.index"]},"icmp_code":{"references":["var.private_inbound_acl_rules","count.index"]},"icmp_type":{"references":["var.private_inbound_acl_rules","count.index"]},"ipv6_cidr_block":{"references":["var.private_inbound_acl_rules","count.index"]},"network_acl_id":{"references":["aws_network_acl.private[0].id","aws_network_acl.private[0]","aws_network_acl.private"]},"protocol":{"references":["var.private_inbound_acl_rules","count.index"]},"region":{"references":["var.region"]},"rule_action":{"references":["var.private_inbound_acl_rules","count.index"]},"rule_number":{"references":["var.private_inbound_acl_rules","count.index"]},"to_port":{"references":["var.private_inbound_acl_rules","count.index"]}},"schema_version":0,"count_expression":{"references":["local.create_private_network_acl","var.private_inbound_acl_rules"]}},{"address":"aws_network_acl_rule.private_outbound","mode":"managed","type":"aws_network_acl_rule","name":"private_outbound","provider_config_key":"aws","expressions":{"cidr_block":{"references":["var.private_outbound_acl_rules","count.index"]},"egress":{"constant_value":true},"from_port":{"references":["var.private_outbound_acl_rules","count.index"]},"icmp_code":{"references":["var.private_outbound_acl_rules","count.index"]},"icmp_type":{"references":["var.private_outbound_acl_rules","count.index"]},"ipv6_cidr_block":{"references":["var.private_outbound_acl_rules","count.index"]},"network_acl_id":{"references":["aws_network_acl.private[0].id","aws_network_acl.private[0]","aws_network_acl.private"]},"protocol":{"references":["var.private_outbound_acl_rules","count.index"]},"region":{"references":["var.region"]},"rule_action":{"references":["var.private_outbound_acl_rules","count.index"]},"rule_number":{"references":["var.private_outbound_acl_rules","count.index"]},"to_port":{"references":["var.private_outbound_acl_rules","count.index"]}},"schema_version":0,"count_expression":{"references":["local.create_private_network_acl","var.private_outbound_acl_rules"]}},{"address":"aws_network_acl_rule.public_inbound","mode":"managed","type":"aws_network_acl_rule","name":"public_inbound","provider_config_key":"aws","expressions":{"cidr_block":{"references":["var.public_inbound_acl_rules","count.index"]},"egress":{"constant_value":false},"from_port":{"references":["var.public_inbound_acl_rules","count.index"]},"icmp_code":{"references":["var.public_inbound_acl_rules","count.index"]},"icmp_type":{"references":["var.public_inbound_acl_rules","count.index"]},"ipv6_cidr_block":{"references":["var.public_inbound_acl_rules","count.index"]},"network_acl_id":{"references":["aws_network_acl.public[0].id","aws_network_acl.public[0]","aws_network_acl.public"]},"protocol":{"references":["var.public_inbound_acl_rules","count.index"]},"region":{"references":["var.region"]},"rule_action":{"references":["var.public_inbound_acl_rules","count.index"]},"rule_number":{"references":["var.public_inbound_acl_rules","count.index"]},"to_port":{"references":["var.public_inbound_acl_rules","count.index"]}},"schema_version":0,"count_expression":{"references":["local.create_public_subnets","var.public_dedicated_network_acl","var.public_inbound_acl_rules"]}},{"address":"aws_network_acl_rule.public_outbound","mode":"managed","type":"aws_network_acl_rule","name":"public_outbound","provider_config_key":"aws","expressions":{"cidr_block":{"references":["var.public_outbound_acl_rules","count.index"]},"egress":{"constant_value":true},"from_port":{"references":["var.public_outbound_acl_rules","count.index"]},"icmp_code":{"references":["var.public_outbound_acl_rules","count.index"]},"icmp_type":{"references":["var.public_outbound_acl_rules","count.index"]},"ipv6_cidr_block":{"references":["var.public_outbound_acl_rules","count.index"]},"network_acl_id":{"references":["aws_network_acl.public[0].id","aws_network_acl.public[0]","aws_network_acl.public"]},"protocol":{"references":["var.public_outbound_acl_rules","count.index"]},"region":{"references":["var.region"]},"rule_action":{"references":["var.public_outbound_acl_rules","count.index"]},"rule_number":{"references":["var.public_outbound_acl_rules","count.index"]},"to_port":{"references":["var.public_outbound_acl_rules","count.index"]}},"schema_version":0,"count_expression":{"references":["local.create_public_subnets","var.public_dedicated_network_acl","var.public_outbound_acl_rules"]}},{"address":"aws_network_acl_rule.redshift_inbound","mode":"managed","type":"aws_network_acl_rule","name":"redshift_inbound","provider_config_key":"aws","expressions":{"cidr_block":{"references":["var.redshift_inbound_acl_rules","count.index"]},"egress":{"constant_value":false},"from_port":{"references":["var.redshift_inbound_acl_rules","count.index"]},"icmp_code":{"references":["var.redshift_inbound_acl_rules","count.index"]},"icmp_type":{"references":["var.redshift_inbound_acl_rules","count.index"]},"ipv6_cidr_block":{"references":["var.redshift_inbound_acl_rules","count.index"]},"network_acl_id":{"references":["aws_network_acl.redshift[0].id","aws_network_acl.redshift[0]","aws_network_acl.redshift"]},"protocol":{"references":["var.redshift_inbound_acl_rules","count.index"]},"region":{"references":["var.region"]},"rule_action":{"references":["var.redshift_inbound_acl_rules","count.index"]},"rule_number":{"references":["var.redshift_inbound_acl_rules","count.index"]},"to_port":{"references":["var.redshift_inbound_acl_rules","count.index"]}},"schema_version":0,"count_expression":{"references":["local.create_redshift_network_acl","var.redshift_inbound_acl_rules"]}},{"address":"aws_network_acl_rule.redshift_outbound","mode":"managed","type":"aws_network_acl_rule","name":"redshift_outbound","provider_config_key":"aws","expressions":{"cidr_block":{"references":["var.redshift_outbound_acl_rules","count.index"]},"egress":{"constant_value":true},"from_port":{"references":["var.redshift_outbound_acl_rules","count.index"]},"icmp_code":{"references":["var.redshift_outbound_acl_rules","count.index"]},"icmp_type":{"references":["var.redshift_outbound_acl_rules","count.index"]},"ipv6_cidr_block":{"references":["var.redshift_outbound_acl_rules","count.index"]},"network_acl_id":{"references":["aws_network_acl.redshift[0].id","aws_network_acl.redshift[0]","aws_network_acl.redshift"]},"protocol":{"references":["var.redshift_outbound_acl_rules","count.index"]},"region":{"references":["var.region"]},"rule_action":{"references":["var.redshift_outbound_acl_rules","count.index"]},"rule_number":{"references":["var.redshift_outbound_acl_rules","count.index"]},"to_port":{"references":["var.redshift_outbound_acl_rules","count.index"]}},"schema_version":0,"count_expression":{"references":["local.create_redshift_network_acl","var.redshift_outbound_acl_rules"]}},{"address":"aws_redshift_subnet_group.redshift","mode":"managed","type":"aws_redshift_subnet_group","name":"redshift","provider_config_key":"aws","expressions":{"description":{"references":["var.name"]},"name":{"references":["var.redshift_subnet_group_name","var.name"]},"region":{"references":["var.region"]},"subnet_ids":{"references":["aws_subnet.redshift"]},"tags":{"references":["var.redshift_subnet_group_name","var.name","var.tags","var.redshift_subnet_group_tags"]}},"schema_version":0,"count_expression":{"references":["local.create_redshift_subnets","var.create_redshift_subnet_group"]}},{"address":"aws_route.database_dns64_nat_gateway","mode":"managed","type":"aws_route","name":"database_dns64_nat_gateway","provider_config_key":"aws","expressions":{"destination_ipv6_cidr_block":{"constant_value":"64:ff9b::/96"},"nat_gateway_id":{"references":["aws_nat_gateway.this","count.index"]},"region":{"references":["var.region"]},"route_table_id":{"references":["aws_route_table.database","count.index"]},"timeouts":{"create":{"constant_value":"5m"}}},"schema_version":0,"count_expression":{"references":["local.create_database_route_table","var.create_database_internet_gateway_route","var.create_database_nat_gateway_route","var.enable_nat_gateway","var.enable_ipv6","var.private_subnet_enable_dns64","var.single_nat_gateway","local.len_database_subnets"]}},{"address":"aws_route.database_internet_gateway","mode":"managed","type":"aws_route","name":"database_internet_gateway","provider_config_key":"aws","expressions":{"destination_cidr_block":{"constant_value":"0.0.0.0/0"},"gateway_id":{"references":["aws_internet_gateway.this[0].id","aws_internet_gateway.this[0]","aws_internet_gateway.this"]},"region":{"references":["var.region"]},"route_table_id":{"references":["aws_route_table.database[0].id","aws_route_table.database[0]","aws_route_table.database"]},"timeouts":{"create":{"constant_value":"5m"}}},"schema_version":0,"count_expression":{"references":["local.create_database_route_table","var.create_igw","var.create_database_internet_gateway_route","var.create_database_nat_gateway_route"]}},{"address":"aws_route.database_ipv6_egress","mode":"managed","type":"aws_route","name":"database_ipv6_egress","provider_config_key":"aws","expressions":{"destination_ipv6_cidr_block":{"constant_value":"::/0"},"egress_only_gateway_id":{"references":["aws_egress_only_internet_gateway.this[0].id","aws_egress_only_internet_gateway.this[0]","aws_egress_only_internet_gateway.this"]},"region":{"references":["var.region"]},"route_table_id":{"references":["aws_route_table.database[0].id","aws_route_table.database[0]","aws_route_table.database"]},"timeouts":{"create":{"constant_value":"5m"}}},"schema_version":0,"count_expression":{"references":["local.create_database_route_table","var.create_egress_only_igw","var.enable_ipv6","var.create_database_internet_gateway_route"]}},{"address":"aws_route.database_nat_gateway","mode":"managed","type":"aws_route","name":"database_nat_gateway","provider_config_key":"aws","expressions":{"destination_cidr_block":{"constant_value":"0.0.0.0/0"},"nat_gateway_id":{"references":["aws_nat_gateway.this","count.index"]},"region":{"references":["var.region"]},"route_table_id":{"references":["aws_route_table.database","count.index"]},"timeouts":{"create":{"constant_value":"5m"}}},"schema_version":0,"count_expression":{"references":["local.create_database_route_table","var.create_database_internet_gateway_route","var.create_database_nat_gateway_route","var.enable_nat_gateway","var.single_nat_gateway","local.len_database_subnets"]}},{"address":"aws_route.private_dns64_nat_gateway","mode":"managed","type":"aws_route","name":"private_dns64_nat_gateway","provider_config_key":"aws","expressions":{"destination_ipv6_cidr_block":{"constant_value":"64:ff9b::/96"},"nat_gateway_id":{"references":["aws_nat_gateway.this","count.index"]},"region":{"references":["var.region"]},"route_table_id":{"references":["aws_route_table.private","count.index"]},"timeouts":{"create":{"constant_value":"5m"}}},"schema_version":0,"count_expression":{"references":["local.create_vpc","var.enable_nat_gateway","var.enable_ipv6","var.private_subnet_enable_dns64","local.nat_gateway_count"]}},{"address":"aws_route.private_ipv6_egress","mode":"managed","type":"aws_route","name":"private_ipv6_egress","provider_config_key":"aws","expressions":{"destination_ipv6_cidr_block":{"constant_value":"::/0"},"egress_only_gateway_id":{"references":["aws_egress_only_internet_gateway.this"]},"region":{"references":["var.region"]},"route_table_id":{"references":["aws_route_table.private","count.index"]}},"schema_version":0,"count_expression":{"references":["local.create_vpc","var.create_egress_only_igw","var.enable_ipv6","local.len_private_subnets","local.nat_gateway_count"]}},{"address":"aws_route.private_nat_gateway","mode":"managed","type":"aws_route","name":"private_nat_gateway","provider_config_key":"aws","expressions":{"destination_cidr_block":{"references":["var.nat_gateway_destination_cidr_block"]},"nat_gateway_id":{"references":["aws_nat_gateway.this","count.index"]},"region":{"references":["var.region"]},"route_table_id":{"references":["aws_route_table.private","count.index"]},"timeouts":{"create":{"constant_value":"5m"}}},"schema_version":0,"count_expression":{"references":["local.create_vpc","var.enable_nat_gateway","var.create_private_nat_gateway_route","local.nat_gateway_count"]}},{"address":"aws_route.public_internet_gateway","mode":"managed","type":"aws_route","name":"public_internet_gateway","provider_config_key":"aws","expressions":{"destination_cidr_block":{"constant_value":"0.0.0.0/0"},"gateway_id":{"references":["aws_internet_gateway.this[0].id","aws_internet_gateway.this[0]","aws_internet_gateway.this"]},"region":{"references":["var.region"]},"route_table_id":{"references":["aws_route_table.public","count.index"]},"timeouts":{"create":{"constant_value":"5m"}}},"schema_version":0,"count_expression":{"references":["local.create_public_subnets","var.create_igw","local.num_public_route_tables"]}},{"address":"aws_route.public_internet_gateway_ipv6","mode":"managed","type":"aws_route","name":"public_internet_gateway_ipv6","provider_config_key":"aws","expressions":{"destination_ipv6_cidr_block":{"constant_value":"::/0"},"gateway_id":{"references":["aws_internet_gateway.this[0].id","aws_internet_gateway.this[0]","aws_internet_gateway.this"]},"region":{"references":["var.region"]},"route_table_id":{"references":["aws_route_table.public","count.index"]}},"schema_version":0,"count_expression":{"references":["local.create_public_subnets","var.create_igw","var.enable_ipv6","local.num_public_route_tables"]}},{"address":"aws_route_table.database","mode":"managed","type":"aws_route_table","name":"database","provider_config_key":"aws","expressions":{"region":{"references":["var.region"]},"tags":{"references":["var.single_nat_gateway","var.create_database_internet_gateway_route","var.name","var.database_subnet_suffix","var.name","var.database_subnet_suffix","var.azs","count.index","var.tags","var.database_route_table_tags"]},"vpc_id":{"references":["local.vpc_id"]}},"schema_version":0,"count_expression":{"references":["local.create_database_route_table","var.single_nat_gateway","var.create_database_internet_gateway_route","local.len_database_subnets"]}},{"address":"aws_route_table.elasticache","mode":"managed","type":"aws_route_table","name":"elasticache","provider_config_key":"aws","expressions":{"region":{"references":["var.region"]},"tags":{"references":["var.name","var.elasticache_subnet_suffix","var.tags","var.elasticache_route_table_tags"]},"vpc_id":{"references":["local.vpc_id"]}},"schema_version":0,"count_expression":{"references":["local.create_elasticache_route_table"]}},{"address":"aws_route_table.intra","mode":"managed","type":"aws_route_table","name":"intra","provider_config_key":"aws","expressions":{"region":{"references":["var.region"]},"tags":{"references":["var.create_multiple_intra_route_tables","var.name","var.intra_subnet_suffix","var.azs","count.index","var.name","var.intra_subnet_suffix","var.tags","var.intra_route_table_tags"]},"vpc_id":{"references":["local.vpc_id"]}},"schema_version":0,"count_expression":{"references":["local.create_intra_subnets","local.num_intra_route_tables"]}},{"address":"aws_route_table.private","mode":"managed","type":"aws_route_table","name":"private","provider_config_key":"aws","expressions":{"region":{"references":["var.region"]},"tags":{"references":["var.single_nat_gateway","var.name","var.private_subnet_suffix","var.name","var.private_subnet_suffix","var.azs","count.index","var.tags","var.private_route_table_tags"]},"vpc_id":{"references":["local.vpc_id"]}},"schema_version":0,"count_expression":{"references":["local.create_private_subnets","local.max_subnet_length","local.nat_gateway_count"]}},{"address":"aws_route_table.public","mode":"managed","type":"aws_route_table","name":"public","provider_config_key":"aws","expressions":{"region":{"references":["var.region"]},"tags":{"references":["var.create_multiple_public_route_tables","var.name","var.public_subnet_suffix","var.azs","count.index","var.name","var.public_subnet_suffix","var.tags","var.public_route_table_tags"]},"vpc_id":{"references":["local.vpc_id"]}},"schema_version":0,"count_expression":{"references":["local.create_public_subnets","local.num_public_route_tables"]}},{"address":"aws_route_table.redshift","mode":"managed","type":"aws_route_table","name":"redshift","provider_config_key":"aws","expressions":{"region":{"references":["var.region"]},"tags":{"references":["var.name","var.redshift_subnet_suffix","var.tags","var.redshift_route_table_tags"]},"vpc_id":{"references":["local.vpc_id"]}},"schema_version":0,"count_expression":{"references":["local.create_redshift_route_table"]}},{"address":"aws_route_table_association.database","mode":"managed","type":"aws_route_table_association","name":"database","provider_config_key":"aws","expressions":{"region":{"references":["var.region"]},"route_table_id":{"references":["aws_route_table.database","aws_route_table.private","var.create_database_subnet_route_table","var.single_nat_gateway","var.create_database_internet_gateway_route","count.index","count.index"]},"subnet_id":{"references":["aws_subnet.database","count.index"]}},"schema_version":0,"count_expression":{"references":["local.create_database_subnets","local.len_database_subnets"]}},{"address":"aws_route_table_association.elasticache","mode":"managed","type":"aws_route_table_association","name":"elasticache","provider_config_key":"aws","expressions":{"region":{"references":["var.region"]},"route_table_id":{"references":["aws_route_table.elasticache","aws_route_table.private","var.single_nat_gateway","var.create_elasticache_subnet_route_table","count.index"]},"subnet_id":{"references":["aws_subnet.elasticache","count.index"]}},"schema_version":0,"count_expression":{"references":["local.create_elasticache_subnets","local.len_elasticache_subnets"]}},{"address":"aws_route_table_association.intra","mode":"managed","type":"aws_route_table_association","name":"intra","provider_config_key":"aws","expressions":{"region":{"references":["var.region"]},"route_table_id":{"references":["aws_route_table.intra","var.create_multiple_intra_route_tables","count.index"]},"subnet_id":{"references":["aws_subnet.intra","count.index"]}},"schema_version":0,"count_expression":{"references":["local.create_intra_subnets","local.len_intra_subnets"]}},{"address":"aws_route_table_association.outpost","mode":"managed","type":"aws_route_table_association","name":"outpost","provider_config_key":"aws","expressions":{"region":{"references":["var.region"]},"route_table_id":{"references":["aws_route_table.private","var.single_nat_gateway","count.index"]},"subnet_id":{"references":["aws_subnet.outpost","count.index"]}},"schema_version":0,"count_expression":{"references":["local.create_outpost_subnets","local.len_outpost_subnets"]}},{"address":"aws_route_table_association.private","mode":"managed","type":"aws_route_table_association","name":"private","provider_config_key":"aws","expressions":{"region":{"references":["var.region"]},"route_table_id":{"references":["aws_route_table.private","var.single_nat_gateway","count.index"]},"subnet_id":{"references":["aws_subnet.private","count.index"]}},"schema_version":0,"count_expression":{"references":["local.create_private_subnets","local.len_private_subnets"]}},{"address":"aws_route_table_association.public","mode":"managed","type":"aws_route_table_association","name":"public","provider_config_key":"aws","expressions":{"region":{"references":["var.region"]},"route_table_id":{"references":["aws_route_table.public","var.create_multiple_public_route_tables","count.index"]},"subnet_id":{"references":["aws_subnet.public","count.index"]}},"schema_version":0,"count_expression":{"references":["local.create_public_subnets","local.len_public_subnets"]}},{"address":"aws_route_table_association.redshift","mode":"managed","type":"aws_route_table_association","name":"redshift","provider_config_key":"aws","expressions":{"region":{"references":["var.region"]},"route_table_id":{"references":["aws_route_table.redshift","aws_route_table.private","var.single_nat_gateway","var.create_redshift_subnet_route_table","count.index"]},"subnet_id":{"references":["aws_subnet.redshift","count.index"]}},"schema_version":0,"count_expression":{"references":["local.create_redshift_subnets","var.enable_public_redshift","local.len_redshift_subnets"]}},{"address":"aws_route_table_association.redshift_public","mode":"managed","type":"aws_route_table_association","name":"redshift_public","provider_config_key":"aws","expressions":{"region":{"references":["var.region"]},"route_table_id":{"references":["aws_route_table.redshift","aws_route_table.public","var.single_nat_gateway","var.create_redshift_subnet_route_table","count.index"]},"subnet_id":{"references":["aws_subnet.redshift","count.index"]}},"schema_version":0,"count_expression":{"references":["local.create_redshift_subnets","var.enable_public_redshift","local.len_redshift_subnets"]}},{"address":"aws_subnet.database","mode":"managed","type":"aws_subnet","name":"database","provider_config_key":"aws","expressions":{"assign_ipv6_address_on_creation":{"references":["var.enable_ipv6","var.database_subnet_ipv6_native","var.database_subnet_assign_ipv6_address_on_creation"]},"availability_zone":{"references":["var.azs","count.index","var.azs","count.index"]},"availability_zone_id":{"references":["var.azs","count.index","var.azs","count.index"]},"cidr_block":{"references":["var.database_subnet_ipv6_native","var.database_subnets","count.index"]},"enable_dns64":{"references":["var.enable_ipv6","var.database_subnet_enable_dns64"]},"enable_resource_name_dns_a_record_on_launch":{"references":["var.database_subnet_ipv6_native","var.database_subnet_enable_resource_name_dns_a_record_on_launch"]},"enable_resource_name_dns_aaaa_record_on_launch":{"references":["var.enable_ipv6","var.database_subnet_enable_resource_name_dns_aaaa_record_on_launch"]},"ipv6_cidr_block":{"references":["var.enable_ipv6","var.database_subnet_ipv6_prefixes","aws_vpc.this[0].ipv6_cidr_block","aws_vpc.this[0]","aws_vpc.this","var.database_subnet_ipv6_prefixes","count.index"]},"ipv6_native":{"references":["var.enable_ipv6","var.database_subnet_ipv6_native"]},"private_dns_hostname_type_on_launch":{"references":["var.database_subnet_private_dns_hostname_type_on_launch"]},"region":{"references":["var.region"]},"tags":{"references":["var.database_subnet_names","count.index","var.name","var.database_subnet_suffix","var.azs","count.index","var.tags","var.database_subnet_tags"]},"vpc_id":{"references":["local.vpc_id"]}},"schema_version":1,"count_expression":{"references":["local.create_database_subnets","local.len_database_subnets"]}},{"address":"aws_subnet.elasticache","mode":"managed","type":"aws_subnet","name":"elasticache","provider_config_key":"aws","expressions":{"assign_ipv6_address_on_creation":{"references":["var.enable_ipv6","var.elasticache_subnet_ipv6_native","var.elasticache_subnet_assign_ipv6_address_on_creation"]},"availability_zone":{"references":["var.azs","count.index","var.azs","count.index"]},"availability_zone_id":{"references":["var.azs","count.index","var.azs","count.index"]},"cidr_block":{"references":["var.elasticache_subnet_ipv6_native","var.elasticache_subnets","count.index"]},"enable_dns64":{"references":["var.enable_ipv6","var.elasticache_subnet_enable_dns64"]},"enable_resource_name_dns_a_record_on_launch":{"references":["var.elasticache_subnet_ipv6_native","var.elasticache_subnet_enable_resource_name_dns_a_record_on_launch"]},"enable_resource_name_dns_aaaa_record_on_launch":{"references":["var.enable_ipv6","var.elasticache_subnet_enable_resource_name_dns_aaaa_record_on_launch"]},"ipv6_cidr_block":{"references":["var.enable_ipv6","var.elasticache_subnet_ipv6_prefixes","aws_vpc.this[0].ipv6_cidr_block","aws_vpc.this[0]","aws_vpc.this","var.elasticache_subnet_ipv6_prefixes","count.index"]},"ipv6_native":{"references":["var.enable_ipv6","var.elasticache_subnet_ipv6_native"]},"private_dns_hostname_type_on_launch":{"references":["var.elasticache_subnet_private_dns_hostname_type_on_launch"]},"region":{"references":["var.region"]},"tags":{"references":["var.elasticache_subnet_names","count.index","var.name","var.elasticache_subnet_suffix","var.azs","count.index","var.tags","var.elasticache_subnet_tags"]},"vpc_id":{"references":["local.vpc_id"]}},"schema_version":1,"count_expression":{"references":["local.create_elasticache_subnets","local.len_elasticache_subnets"]}},{"address":"aws_subnet.intra","mode":"managed","type":"aws_subnet","name":"intra","provider_config_key":"aws","expressions":{"assign_ipv6_address_on_creation":{"references":["var.enable_ipv6","var.intra_subnet_ipv6_native","var.intra_subnet_assign_ipv6_address_on_creation"]},"availability_zone":{"references":["var.azs","count.index","var.azs","count.index"]},"availability_zone_id":{"references":["var.azs","count.index","var.azs","count.index"]},"cidr_block":{"references":["var.intra_subnet_ipv6_native","var.intra_subnets","count.index"]},"enable_dns64":{"references":["var.enable_ipv6","var.intra_subnet_enable_dns64"]},"enable_resource_name_dns_a_record_on_launch":{"references":["var.intra_subnet_ipv6_native","var.intra_subnet_enable_resource_name_dns_a_record_on_launch"]},"enable_resource_name_dns_aaaa_record_on_launch":{"references":["var.enable_ipv6","var.intra_subnet_enable_resource_name_dns_aaaa_record_on_launch"]},"ipv6_cidr_block":{"references":["var.enable_ipv6","var.intra_subnet_ipv6_prefixes","aws_vpc.this[0].ipv6_cidr_block","aws_vpc.this[0]","aws_vpc.this","var.intra_subnet_ipv6_prefixes","count.index"]},"ipv6_native":{"references":["var.enable_ipv6","var.intra_subnet_ipv6_native"]},"private_dns_hostname_type_on_launch":{"references":["var.intra_subnet_private_dns_hostname_type_on_launch"]},"region":{"references":["var.region"]},"tags":{"references":["var.intra_subnet_names","count.index","var.name","var.intra_subnet_suffix","var.azs","count.index","var.tags","var.intra_subnet_tags"]},"vpc_id":{"references":["local.vpc_id"]}},"schema_version":1,"count_expression":{"references":["local.create_intra_subnets","local.len_intra_subnets"]}},{"address":"aws_subnet.outpost","mode":"managed","type":"aws_subnet","name":"outpost","provider_config_key":"aws","expressions":{"assign_ipv6_address_on_creation":{"references":["var.enable_ipv6","var.outpost_subnet_ipv6_native","var.outpost_subnet_assign_ipv6_address_on_creation"]},"availability_zone":{"references":["var.outpost_az"]},"cidr_block":{"references":["var.outpost_subnet_ipv6_native","var.outpost_subnets","count.index"]},"customer_owned_ipv4_pool":{"references":["var.customer_owned_ipv4_pool"]},"enable_dns64":{"references":["var.enable_ipv6","var.outpost_subnet_enable_dns64"]},"enable_resource_name_dns_a_record_on_launch":{"references":["var.outpost_subnet_ipv6_native","var.outpost_subnet_enable_resource_name_dns_a_record_on_launch"]},"enable_resource_name_dns_aaaa_record_on_launch":{"references":["var.enable_ipv6","var.outpost_subnet_enable_resource_name_dns_aaaa_record_on_launch"]},"ipv6_cidr_block":{"references":["var.enable_ipv6","var.outpost_subnet_ipv6_prefixes","aws_vpc.this[0].ipv6_cidr_block","aws_vpc.this[0]","aws_vpc.this","var.outpost_subnet_ipv6_prefixes","count.index"]},"ipv6_native":{"references":["var.enable_ipv6","var.outpost_subnet_ipv6_native"]},"map_customer_owned_ip_on_launch":{"references":["var.map_customer_owned_ip_on_launch"]},"outpost_arn":{"references":["var.outpost_arn"]},"private_dns_hostname_type_on_launch":{"references":["var.outpost_subnet_private_dns_hostname_type_on_launch"]},"region":{"references":["var.region"]},"tags":{"references":["var.outpost_subnet_names","count.index","var.name","var.outpost_subnet_suffix","var.outpost_az","var.tags","var.outpost_subnet_tags"]},"vpc_id":{"references":["local.vpc_id"]}},"schema_version":1,"count_expression":{"references":["local.create_outpost_subnets","local.len_outpost_subnets"]}},{"address":"aws_subnet.private","mode":"managed","type":"aws_subnet","name":"private","provider_config_key":"aws","expressions":{"assign_ipv6_address_on_creation":{"references":["var.enable_ipv6","var.private_subnet_ipv6_native","var.private_subnet_assign_ipv6_address_on_creation"]},"availability_zone":{"references":["var.azs","count.index","var.azs","count.index"]},"availability_zone_id":{"references":["var.azs","count.index","var.azs","count.index"]},"cidr_block":{"references":["var.private_subnet_ipv6_native","var.private_subnets","count.index"]},"enable_dns64":{"references":["var.enable_ipv6","var.private_subnet_enable_dns64"]},"enable_resource_name_dns_a_record_on_launch":{"references":["var.private_subnet_ipv6_native","var.private_subnet_enable_resource_name_dns_a_record_on_launch"]},"enable_resource_name_dns_aaaa_record_on_launch":{"references":["var.enable_ipv6","var.private_subnet_enable_resource_name_dns_aaaa_record_on_launch"]},"ipv6_cidr_block":{"references":["var.enable_ipv6","var.private_subnet_ipv6_prefixes","aws_vpc.this[0].ipv6_cidr_block","aws_vpc.this[0]","aws_vpc.this","var.private_subnet_ipv6_prefixes","count.index"]},"ipv6_native":{"references":["var.enable_ipv6","var.private_subnet_ipv6_native"]},"private_dns_hostname_type_on_launch":{"references":["var.private_subnet_private_dns_hostname_type_on_launch"]},"region":{"references":["var.region"]},"tags":{"references":["var.private_subnet_names","count.index","var.name","var.private_subnet_suffix","var.azs","count.index","var.tags","var.private_subnet_tags","var.private_subnet_tags_per_az","var.azs","count.index"]},"vpc_id":{"references":["local.vpc_id"]}},"schema_version":1,"count_expression":{"references":["local.create_private_subnets","local.len_private_subnets"]}},{"address":"aws_subnet.public","mode":"managed","type":"aws_subnet","name":"public","provider_config_key":"aws","expressions":{"assign_ipv6_address_on_creation":{"references":["var.enable_ipv6","var.public_subnet_ipv6_native","var.public_subnet_assign_ipv6_address_on_creation"]},"availability_zone":{"references":["var.azs","count.index","var.azs","count.index"]},"availability_zone_id":{"references":["var.azs","count.index","var.azs","count.index"]},"cidr_block":{"references":["var.public_subnet_ipv6_native","var.public_subnets","count.index"]},"enable_dns64":{"references":["var.enable_ipv6","var.public_subnet_enable_dns64"]},"enable_resource_name_dns_a_record_on_launch":{"references":["var.public_subnet_ipv6_native","var.public_subnet_enable_resource_name_dns_a_record_on_launch"]},"enable_resource_name_dns_aaaa_record_on_launch":{"references":["var.enable_ipv6","var.public_subnet_enable_resource_name_dns_aaaa_record_on_launch"]},"ipv6_cidr_block":{"references":["var.enable_ipv6","var.public_subnet_ipv6_prefixes","aws_vpc.this[0].ipv6_cidr_block","aws_vpc.this[0]","aws_vpc.this","var.public_subnet_ipv6_prefixes","count.index"]},"ipv6_native":{"references":["var.enable_ipv6","var.public_subnet_ipv6_native"]},"map_public_ip_on_launch":{"references":["var.map_public_ip_on_launch"]},"private_dns_hostname_type_on_launch":{"references":["var.public_subnet_private_dns_hostname_type_on_launch"]},"region":{"references":["var.region"]},"tags":{"references":["var.public_subnet_names","count.index","var.name","var.public_subnet_suffix","var.azs","count.index","var.tags","var.public_subnet_tags","var.public_subnet_tags_per_az","var.azs","count.index"]},"vpc_id":{"references":["local.vpc_id"]}},"schema_version":1,"count_expression":{"references":["local.create_public_subnets","var.one_nat_gateway_per_az","local.len_public_subnets","var.azs","local.len_public_subnets"]}},{"address":"aws_subnet.redshift","mode":"managed","type":"aws_subnet","name":"redshift","provider_config_key":"aws","expressions":{"assign_ipv6_address_on_creation":{"references":["var.enable_ipv6","var.redshift_subnet_ipv6_native","var.redshift_subnet_assign_ipv6_address_on_creation"]},"availability_zone":{"references":["var.azs","count.index","var.azs","count.index"]},"availability_zone_id":{"references":["var.azs","count.index","var.azs","count.index"]},"cidr_block":{"references":["var.redshift_subnet_ipv6_native","var.redshift_subnets","count.index"]},"enable_dns64":{"references":["var.enable_ipv6","var.redshift_subnet_enable_dns64"]},"enable_resource_name_dns_a_record_on_launch":{"references":["var.redshift_subnet_ipv6_native","var.redshift_subnet_enable_resource_name_dns_a_record_on_launch"]},"enable_resource_name_dns_aaaa_record_on_launch":{"references":["var.enable_ipv6","var.redshift_subnet_enable_resource_name_dns_aaaa_record_on_launch"]},"ipv6_cidr_block":{"references":["var.enable_ipv6","var.redshift_subnet_ipv6_prefixes","aws_vpc.this[0].ipv6_cidr_block","aws_vpc.this[0]","aws_vpc.this","var.redshift_subnet_ipv6_prefixes","count.index"]},"ipv6_native":{"references":["var.enable_ipv6","var.redshift_subnet_ipv6_native"]},"private_dns_hostname_type_on_launch":{"references":["var.redshift_subnet_private_dns_hostname_type_on_launch"]},"region":{"references":["var.region"]},"tags":{"references":["var.redshift_subnet_names","count.index","var.name","var.redshift_subnet_suffix","var.azs","count.index","var.tags","var.redshift_subnet_tags"]},"vpc_id":{"references":["local.vpc_id"]}},"schema_version":1,"count_expression":{"references":["local.create_redshift_subnets","local.len_redshift_subnets"]}},{"address":"aws_vpc.this","mode":"managed","type":"aws_vpc","name":"this","provider_config_key":"aws","expressions":{"assign_generated_ipv6_cidr_block":{"references":["var.enable_ipv6","var.use_ipam_pool"]},"cidr_block":{"references":["var.use_ipam_pool","var.cidr"]},"enable_dns_hostnames":{"references":["var.enable_dns_hostnames"]},"enable_dns_support":{"references":["var.enable_dns_support"]},"enable_network_address_usage_metrics":{"references":["var.enable_network_address_usage_metrics"]},"instance_tenancy":{"references":["var.instance_tenancy"]},"ipv4_ipam_pool_id":{"references":["var.ipv4_ipam_pool_id"]},"ipv4_netmask_length":{"references":["var.ipv4_netmask_length"]},"ipv6_cidr_block":{"references":["var.ipv6_cidr"]},"ipv6_cidr_block_network_border_group":{"references":["var.ipv6_cidr_block_network_border_group"]},"ipv6_ipam_pool_id":{"references":["var.ipv6_ipam_pool_id"]},"ipv6_netmask_length":{"references":["var.ipv6_netmask_length"]},"region":{"references":["var.region"]},"tags":{"references":["var.name","var.tags","var.vpc_tags"]}},"schema_version":1,"count_expression":{"references":["local.create_vpc"]}},{"address":"aws_vpc_block_public_access_exclusion.this","mode":"managed","type":"aws_vpc_block_public_access_exclusion","name":"this","provider_config_key":"aws","expressions":{"internet_gateway_exclusion_mode":{"references":["each.value.internet_gateway_exclusion_mode","each.value"]},"region":{"references":["var.region"]},"subnet_id":{"references":["each.value.exclude_subnet","each.value","aws_subnet.private","aws_subnet.public","aws_subnet.database","aws_subnet.redshift","aws_subnet.elasticache","aws_subnet.intra","aws_subnet.outpost","each.value.subnet_type","each.value","each.value.subnet_index","each.value"]},"tags":{"references":["var.tags","each.value.tags","each.value"]},"vpc_id":{"references":["each.value.exclude_vpc","each.value","local.vpc_id"]}},"schema_version":0,"for_each_expression":{"references":["var.vpc_block_public_access_exclusions","local.create_vpc"]}},{"address":"aws_vpc_block_public_access_options.this","mode":"managed","type":"aws_vpc_block_public_access_options","name":"this","provider_config_key":"aws","expressions":{"internet_gateway_block_mode":{"references":["var.vpc_block_public_access_options[\"internet_gateway_block_mode\"]","var.vpc_block_public_access_options"]},"region":{"references":["var.region"]}},"schema_version":0,"count_expression":{"references":["local.create_vpc","var.vpc_block_public_access_options"]}},{"address":"aws_vpc_dhcp_options.this","mode":"managed","type":"aws_vpc_dhcp_options","name":"this","provider_config_key":"aws","expressions":{"domain_name":{"references":["var.dhcp_options_domain_name"]},"domain_name_servers":{"references":["var.dhcp_options_domain_name_servers"]},"ipv6_address_preferred_lease_time":{"references":["var.dhcp_options_ipv6_address_preferred_lease_time"]},"netbios_name_servers":{"references":["var.dhcp_options_netbios_name_servers"]},"netbios_node_type":{"references":["var.dhcp_options_netbios_node_type"]},"ntp_servers":{"references":["var.dhcp_options_ntp_servers"]},"region":{"references":["var.region"]},"tags":{"references":["var.name","var.tags","var.dhcp_options_tags"]}},"schema_version":0,"count_expression":{"references":["local.create_vpc","var.enable_dhcp_options"]}},{"address":"aws_vpc_dhcp_options_association.this","mode":"managed","type":"aws_vpc_dhcp_options_association","name":"this","provider_config_key":"aws","expressions":{"dhcp_options_id":{"references":["aws_vpc_dhcp_options.this[0].id","aws_vpc_dhcp_options.this[0]","aws_vpc_dhcp_options.this"]},"region":{"references":["var.region"]},"vpc_id":{"references":["local.vpc_id"]}},"schema_version":0,"count_expression":{"references":["local.create_vpc","var.enable_dhcp_options"]}},{"address":"aws_vpc_ipv4_cidr_block_association.this","mode":"managed","type":"aws_vpc_ipv4_cidr_block_association","name":"this","provider_config_key":"aws","expressions":{"cidr_block":{"references":["var.secondary_cidr_blocks","count.index"]},"region":{"references":["var.region"]},"vpc_id":{"references":["aws_vpc.this[0].id","aws_vpc.this[0]","aws_vpc.this"]}},"schema_version":0,"count_expression":{"references":["local.create_vpc","var.secondary_cidr_blocks","var.secondary_cidr_blocks"]}},{"address":"aws_vpn_gateway.this","mode":"managed","type":"aws_vpn_gateway","name":"this","provider_config_key":"aws","expressions":{"amazon_side_asn":{"references":["var.amazon_side_asn"]},"availability_zone":{"references":["var.vpn_gateway_az"]},"region":{"references":["var.region"]},"tags":{"references":["var.name","var.tags","var.vpn_gateway_tags"]},"vpc_id":{"references":["local.vpc_id"]}},"schema_version":0,"count_expression":{"references":["local.create_vpc","var.enable_vpn_gateway"]}},{"address":"aws_vpn_gateway_attachment.this","mode":"managed","type":"aws_vpn_gateway_attachment","name":"this","provider_config_key":"aws","expressions":{"region":{"references":["var.region"]},"vpc_id":{"references":["local.vpc_id"]},"vpn_gateway_id":{"references":["var.vpn_gateway_id"]}},"schema_version":0,"count_expression":{"references":["var.vpn_gateway_id"]}},{"address":"aws_vpn_gateway_route_propagation.intra","mode":"managed","type":"aws_vpn_gateway_route_propagation","name":"intra","provider_config_key":"aws","expressions":{"region":{"references":["var.region"]},"route_table_id":{"references":["aws_route_table.intra","count.index"]},"vpn_gateway_id":{"references":["aws_vpn_gateway.this","aws_vpn_gateway_attachment.this","count.index"]}},"schema_version":0,"count_expression":{"references":["local.create_vpc","var.propagate_intra_route_tables_vgw","var.enable_vpn_gateway","var.vpn_gateway_id","local.len_intra_subnets"]}},{"address":"aws_vpn_gateway_route_propagation.private","mode":"managed","type":"aws_vpn_gateway_route_propagation","name":"private","provider_config_key":"aws","expressions":{"region":{"references":["var.region"]},"route_table_id":{"references":["aws_route_table.private","count.index"]},"vpn_gateway_id":{"references":["aws_vpn_gateway.this","aws_vpn_gateway_attachment.this","count.index"]}},"schema_version":0,"count_expression":{"references":["local.create_vpc","var.propagate_private_route_tables_vgw","var.enable_vpn_gateway","var.vpn_gateway_id","local.len_private_subnets"]}},{"address":"aws_vpn_gateway_route_propagation.public","mode":"managed","type":"aws_vpn_gateway_route_propagation","name":"public","provider_config_key":"aws","expressions":{"region":{"references":["var.region"]},"route_table_id":{"references":["aws_route_table.public","count.index"]},"vpn_gateway_id":{"references":["aws_vpn_gateway.this","aws_vpn_gateway_attachment.this","count.index"]}},"schema_version":0,"count_expression":{"references":["local.create_vpc","var.propagate_public_route_tables_vgw","var.enable_vpn_gateway","var.vpn_gateway_id"]}},{"address":"data.aws_caller_identity.current","mode":"data","type":"aws_caller_identity","name":"current","provider_config_key":"aws","schema_version":0,"count_expression":{"references":["var.create_vpc","var.enable_flow_log"]}},{"address":"data.aws_iam_policy_document.flow_log_cloudwatch_assume_role","mode":"data","type":"aws_iam_policy_document","name":"flow_log_cloudwatch_assume_role","provider_config_key":"aws","expressions":{"statement":[{"actions":{"constant_value":["sts:AssumeRole"]},"effect":{"constant_value":"Allow"},"principals":[{"identifiers":{"constant_value":["vpc-flow-logs.amazonaws.com"]},"type":{"constant_value":"Service"}}],"sid":{"constant_value":"AWSVPCFlowLogsAssumeRole"}}]},"schema_version":0,"count_expression":{"references":["local.create_flow_log_cloudwatch_iam_role"]}},{"address":"data.aws_iam_policy_document.vpc_flow_log_cloudwatch","mode":"data","type":"aws_iam_policy_document","name":"vpc_flow_log_cloudwatch","provider_config_key":"aws","expressions":{"statement":[{"actions":{"constant_value":["logs:CreateLogStream","logs:PutLogEvents","logs:DescribeLogGroups","logs:DescribeLogStreams"]},"effect":{"constant_value":"Allow"},"resources":{"references":["local.flow_log_group_arns"]},"sid":{"constant_value":"AWSVPCFlowLogsPushToCloudWatch"}}]},"schema_version":0,"count_expression":{"references":["local.create_flow_log_cloudwatch_iam_role"]}},{"address":"data.aws_partition.current","mode":"data","type":"aws_partition","name":"current","provider_config_key":"aws","schema_version":0,"count_expression":{"references":["var.create_vpc","var.enable_flow_log"]}},{"address":"data.aws_region.current","mode":"data","type":"aws_region","name":"current","provider_config_key":"aws","expressions":{"region":{"references":["var.region"]}},"schema_version":0,"count_expression":{"references":["var.create_vpc","var.enable_flow_log"]}}],"variables":{"amazon_side_asn":{"default":"64512","description":"The Autonomous System Number (ASN) for the Amazon side of the gateway. By default the virtual private gateway is created with the current default Amazon ASN"},"azs":{"default":[],"description":"A list of availability zones names or ids in the region"},"cidr":{"default":"10.0.0.0/16","description":"(Optional) The IPv4 CIDR block for the VPC. CIDR can be explicitly set or it can be derived from IPAM using `ipv4_netmask_length` \u0026 `ipv4_ipam_pool_id`"},"create_database_internet_gateway_route":{"default":false,"description":"Controls if an internet gateway route for public database access should be created"},"create_database_nat_gateway_route":{"default":false,"description":"Controls if a nat gateway route should be created to give internet access to the database subnets"},"create_database_subnet_group":{"default":true,"description":"Controls if database subnet group should be created (n.b. database_subnets must also be set)"},"create_database_subnet_route_table":{"default":false,"description":"Controls if separate route table for database should be created"},"create_egress_only_igw":{"default":true,"description":"Controls if an Egress Only Internet Gateway is created and its related routes"},"create_elasticache_subnet_group":{"default":true,"description":"Controls if elasticache subnet group should be created"},"create_elasticache_subnet_route_table":{"default":false,"description":"Controls if separate route table for elasticache should be created"},"create_flow_log_cloudwatch_iam_role":{"default":false,"description":"Whether to create IAM role for VPC Flow Logs"},"create_flow_log_cloudwatch_log_group":{"default":false,"description":"Whether to create CloudWatch log group for VPC Flow Logs"},"create_igw":{"default":true,"description":"Controls if an Internet Gateway is created for public subnets and the related routes that connect them"},"create_multiple_intra_route_tables":{"default":false,"description":"Indicates whether to create a separate route table for each intra subnet. Default: `false`"},"create_multiple_public_route_tables":{"default":false,"description":"Indicates whether to create a separate route table for each public subnet. Default: `false`"},"create_private_nat_gateway_route":{"default":true,"description":"Controls if a nat gateway route should be created to give internet access to the private subnets"},"create_redshift_subnet_group":{"default":true,"description":"Controls if redshift subnet group should be created"},"create_redshift_subnet_route_table":{"default":false,"description":"Controls if separate route table for redshift should be created"},"create_vpc":{"default":true,"description":"Controls if VPC should be created (it affects almost all resources)"},"customer_gateway_tags":{"default":{},"description":"Additional tags for the Customer Gateway"},"customer_gateways":{"default":{},"description":"Maps of Customer Gateway's attributes (BGP ASN and Gateway's Internet-routable external IP address)"},"customer_owned_ipv4_pool":{"default":null,"description":"The customer owned IPv4 address pool. Typically used with the `map_customer_owned_ip_on_launch` argument. The `outpost_arn` argument must be specified when configured"},"database_acl_tags":{"default":{},"description":"Additional tags for the database subnets network ACL"},"database_dedicated_network_acl":{"default":false,"description":"Whether to use dedicated network ACL (not default) and custom rules for database subnets"},"database_inbound_acl_rules":{"default":[{"cidr_block":"0.0.0.0/0","from_port":"0","protocol":"-1","rule_action":"allow","rule_number":"100","to_port":"0"}],"description":"Database subnets inbound network ACL rules"},"database_outbound_acl_rules":{"default":[{"cidr_block":"0.0.0.0/0","from_port":"0","protocol":"-1","rule_action":"allow","rule_number":"100","to_port":"0"}],"description":"Database subnets outbound network ACL rules"},"database_route_table_tags":{"default":{},"description":"Additional tags for the database route tables"},"database_subnet_assign_ipv6_address_on_creation":{"default":false,"description":"Specify true to indicate that network interfaces created in the specified subnet should be assigned an IPv6 address. Default is `false`"},"database_subnet_enable_dns64":{"default":true,"description":"Indicates whether DNS queries made to the Amazon-provided DNS Resolver in this subnet should return synthetic IPv6 addresses for IPv4-only destinations. Default: `true`"},"database_subnet_enable_resource_name_dns_a_record_on_launch":{"default":false,"description":"Indicates whether to respond to DNS queries for instance hostnames with DNS A records. Default: `false`"},"database_subnet_enable_resource_name_dns_aaaa_record_on_launch":{"default":true,"description":"Indicates whether to respond to DNS queries for instance hostnames with DNS AAAA records. Default: `true`"},"database_subnet_group_name":{"default":null,"description":"Name of database subnet group"},"database_subnet_group_tags":{"default":{},"description":"Additional tags for the database subnet group"},"database_subnet_ipv6_native":{"default":false,"description":"Indicates whether to create an IPv6-only subnet. Default: `false`"},"database_subnet_ipv6_prefixes":{"default":[],"description":"Assigns IPv6 database subnet id based on the Amazon provided /56 prefix base 10 integer (0-256). Must be of equal length to the corresponding IPv4 subnet list"},"database_subnet_names":{"default":[],"description":"Explicit values to use in the Name tag on database subnets. If empty, Name tags are generated"},"database_subnet_private_dns_hostname_type_on_launch":{"default":null,"description":"The type of hostnames to assign to instances in the subnet at launch. For IPv6-only subnets, an instance DNS name must be based on the instance ID. For dual-stack and IPv4-only subnets, you can specify whether DNS names use the instance IPv4 address or the instance ID. Valid values: `ip-name`, `resource-name`"},"database_subnet_suffix":{"default":"db","description":"Suffix to append to database subnets name"},"database_subnet_tags":{"default":{},"description":"Additional tags for the database subnets"},"database_subnets":{"default":[],"description":"A list of database subnets inside the VPC"},"default_network_acl_egress":{"default":[{"action":"allow","cidr_block":"0.0.0.0/0","from_port":"0","protocol":"-1","rule_no":"100","to_port":"0"},{"action":"allow","from_port":"0","ipv6_cidr_block":"::/0","protocol":"-1","rule_no":"101","to_port":"0"}],"description":"List of maps of egress rules to set on the Default Network ACL"},"default_network_acl_ingress":{"default":[{"action":"allow","cidr_block":"0.0.0.0/0","from_port":"0","protocol":"-1","rule_no":"100","to_port":"0"},{"action":"allow","from_port":"0","ipv6_cidr_block":"::/0","protocol":"-1","rule_no":"101","to_port":"0"}],"description":"List of maps of ingress rules to set on the Default Network ACL"},"default_network_acl_name":{"default":null,"description":"Name to be used on the Default Network ACL"},"default_network_acl_tags":{"default":{},"description":"Additional tags for the Default Network ACL"},"default_route_table_name":{"default":null,"description":"Name to be used on the default route table"},"default_route_table_propagating_vgws":{"default":[],"description":"List of virtual gateways for propagation"},"default_route_table_routes":{"default":[],"description":"Configuration block of routes. See https://registry.terraform.io/providers/hashicorp/aws/latest/docs/resources/default_route_table#route"},"default_route_table_tags":{"default":{},"description":"Additional tags for the default route table"},"default_security_group_egress":{"default":[],"description":"List of maps of egress rules to set on the default security group"},"default_security_group_ingress":{"default":[],"description":"List of maps of ingress rules to set on the default security group"},"default_security_group_name":{"default":null,"description":"Name to be used on the default security group"},"default_security_group_tags":{"default":{},"description":"Additional tags for the default security group"},"default_vpc_enable_dns_hostnames":{"default":true,"description":"Should be true to enable DNS hostnames in the Default VPC"},"default_vpc_enable_dns_support":{"default":true,"description":"Should be true to enable DNS support in the Default VPC"},"default_vpc_name":{"default":null,"description":"Name to be used on the Default VPC"},"default_vpc_tags":{"default":{},"description":"Additional tags for the Default VPC"},"dhcp_options_domain_name":{"default":"","description":"Specifies DNS name for DHCP options set (requires enable_dhcp_options set to true)"},"dhcp_options_domain_name_servers":{"default":["AmazonProvidedDNS"],"description":"Specify a list of DNS server addresses for DHCP options set, default to AWS provided (requires enable_dhcp_options set to true)"},"dhcp_options_ipv6_address_preferred_lease_time":{"default":null,"description":"How frequently, in seconds, a running instance with an IPv6 assigned to it goes through DHCPv6 lease renewal (requires enable_dhcp_options set to true)"},"dhcp_options_netbios_name_servers":{"default":[],"description":"Specify a list of netbios servers for DHCP options set (requires enable_dhcp_options set to true)"},"dhcp_options_netbios_node_type":{"default":"","description":"Specify netbios node_type for DHCP options set (requires enable_dhcp_options set to true)"},"dhcp_options_ntp_servers":{"default":[],"description":"Specify a list of NTP servers for DHCP options set (requires enable_dhcp_options set to true)"},"dhcp_options_tags":{"default":{},"description":"Additional tags for the DHCP option set (requires enable_dhcp_options set to true)"},"elasticache_acl_tags":{"default":{},"description":"Additional tags for the elasticache subnets network ACL"},"elasticache_dedicated_network_acl":{"default":false,"description":"Whether to use dedicated network ACL (not default) and custom rules for elasticache subnets"},"elasticache_inbound_acl_rules":{"default":[{"cidr_block":"0.0.0.0/0","from_port":"0","protocol":"-1","rule_action":"allow","rule_number":"100","to_port":"0"}],"description":"Elasticache subnets inbound network ACL rules"},"elasticache_outbound_acl_rules":{"default":[{"cidr_block":"0.0.0.0/0","from_port":"0","protocol":"-1","rule_action":"allow","rule_number":"100","to_port":"0"}],"description":"Elasticache subnets outbound network ACL rules"},"elasticache_route_table_tags":{"default":{},"description":"Additional tags for the elasticache route tables"},"elasticache_subnet_assign_ipv6_address_on_creation":{"default":false,"description":"Specify true to indicate that network interfaces created in the specified subnet should be assigned an IPv6 address. Default is `false`"},"elasticache_subnet_enable_dns64":{"default":true,"description":"Indicates whether DNS queries made to the Amazon-provided DNS Resolver in this subnet should return synthetic IPv6 addresses for IPv4-only destinations. Default: `true`"},"elasticache_subnet_enable_resource_name_dns_a_record_on_launch":{"default":false,"description":"Indicates whether to respond to DNS queries for instance hostnames with DNS A records. Default: `false`"},"elasticache_subnet_enable_resource_name_dns_aaaa_record_on_launch":{"default":true,"description":"Indicates whether to respond to DNS queries for instance hostnames with DNS AAAA records. Default: `true`"},"elasticache_subnet_group_name":{"default":null,"description":"Name of elasticache subnet group"},"elasticache_subnet_group_tags":{"default":{},"description":"Additional tags for the elasticache subnet group"},"elasticache_subnet_ipv6_native":{"default":false,"description":"Indicates whether to create an IPv6-only subnet. Default: `false`"},"elasticache_subnet_ipv6_prefixes":{"default":[],"description":"Assigns IPv6 elasticache subnet id based on the Amazon provided /56 prefix base 10 integer (0-256). Must be of equal length to the corresponding IPv4 subnet list"},"elasticache_subnet_names":{"default":[],"description":"Explicit values to use in the Name tag on elasticache subnets. If empty, Name tags are generated"},"elasticache_subnet_private_dns_hostname_type_on_launch":{"default":null,"description":"The type of hostnames to assign to instances in the subnet at launch. For IPv6-only subnets, an instance DNS name must be based on the instance ID. For dual-stack and IPv4-only subnets, you can specify whether DNS names use the instance IPv4 address or the instance ID. Valid values: `ip-name`, `resource-name`"},"elasticache_subnet_suffix":{"default":"elasticache","description":"Suffix to append to elasticache subnets name"},"elasticache_subnet_tags":{"default":{},"description":"Additional tags for the elasticache subnets"},"elasticache_subnets":{"default":[],"description":"A list of elasticache subnets inside the VPC"},"enable_dhcp_options":{"default":false,"description":"Should be true if you want to specify a DHCP options set with a custom domain name, DNS servers, NTP servers, netbios servers, and/or netbios server type"},"enable_dns_hostnames":{"default":true,"description":"Should be true to enable DNS hostnames in the VPC"},"enable_dns_support":{"default":true,"description":"Should be true to enable DNS support in the VPC"},"enable_flow_log":{"default":false,"description":"Whether or not to enable VPC Flow Logs"},"enable_ipv6":{"default":false,"description":"Requests an Amazon-provided IPv6 CIDR block with a /56 prefix length for the VPC. You cannot specify the range of IP addresses, or the size of the CIDR block"},"enable_nat_gateway":{"default":false,"description":"Should be true if you want to provision NAT Gateways for each of your private networks"},"enable_network_address_usage_metrics":{"default":null,"description":"Determines whether network address usage metrics are enabled for the VPC"},"enable_public_redshift":{"default":false,"description":"Controls if redshift should have public routing table"},"enable_vpn_gateway":{"default":false,"description":"Should be true if you want to create a new VPN Gateway resource and attach it to the VPC"},"external_nat_ip_ids":{"default":[],"description":"List of EIP IDs to be assigned to the NAT Gateways (used in combination with reuse_nat_ips)"},"external_nat_ips":{"default":[],"description":"List of EIPs to be used for `nat_public_ips` output (used in combination with reuse_nat_ips and external_nat_ip_ids)"},"flow_log_cloudwatch_iam_role_arn":{"default":"","description":"The ARN for the IAM role that's used to post flow logs to a CloudWatch Logs log group. When flow_log_destination_arn is set to ARN of Cloudwatch Logs, this argument needs to be provided"},"flow_log_cloudwatch_iam_role_conditions":{"default":[],"description":"Additional conditions of the CloudWatch role assumption policy"},"flow_log_cloudwatch_log_group_class":{"default":null,"description":"Specified the log class of the log group. Possible values are: STANDARD or INFREQUENT_ACCESS"},"flow_log_cloudwatch_log_group_kms_key_id":{"default":null,"description":"The ARN of the KMS Key to use when encrypting log data for VPC flow logs"},"flow_log_cloudwatch_log_group_name_prefix":{"default":"/aws/vpc-flow-log/","description":"Specifies the name prefix of CloudWatch Log Group for VPC flow logs"},"flow_log_cloudwatch_log_group_name_suffix":{"default":"","description":"Specifies the name suffix of CloudWatch Log Group for VPC flow logs"},"flow_log_cloudwatch_log_group_retention_in_days":{"default":null,"description":"Specifies the number of days you want to retain log events in the specified log group for VPC flow logs"},"flow_log_cloudwatch_log_group_skip_destroy":{"default":false,"description":" Set to true if you do not wish the log group (and any logs it may contain) to be deleted at destroy time, and instead just remove the log group from the Terraform state"},"flow_log_deliver_cross_account_role":{"default":null,"description":"(Optional) ARN of the IAM role that allows Amazon EC2 to publish flow logs across accounts."},"flow_log_destination_arn":{"default":"","description":"The ARN of the CloudWatch log group or S3 bucket where VPC Flow Logs will be pushed. If this ARN is a S3 bucket the appropriate permissions need to be set on that bucket's policy. When create_flow_log_cloudwatch_log_group is set to false this argument must be provided"},"flow_log_destination_type":{"default":"cloud-watch-logs","description":"Type of flow log destination. Can be s3, kinesis-data-firehose or cloud-watch-logs"},"flow_log_file_format":{"default":null,"description":"(Optional) The format for the flow log. Valid values: `plain-text`, `parquet`"},"flow_log_hive_compatible_partitions":{"default":false,"description":"(Optional) Indicates whether to use Hive-compatible prefixes for flow logs stored in Amazon S3"},"flow_log_log_format":{"default":null,"description":"The fields to include in the flow log record, in the order in which they should appear"},"flow_log_max_aggregation_interval":{"default":600,"description":"The maximum interval of time during which a flow of packets is captured and aggregated into a flow log record. Valid Values: `60` seconds or `600` seconds"},"flow_log_per_hour_partition":{"default":false,"description":"(Optional) Indicates whether to partition the flow log per hour. This reduces the cost and response time for queries"},"flow_log_traffic_type":{"default":"ALL","description":"The type of traffic to capture. Valid values: ACCEPT, REJECT, ALL"},"igw_tags":{"default":{},"description":"Additional tags for the internet gateway"},"instance_tenancy":{"default":"default","description":"A tenancy option for instances launched into the VPC"},"intra_acl_tags":{"default":{},"description":"Additional tags for the intra subnets network ACL"},"intra_dedicated_network_acl":{"default":false,"description":"Whether to use dedicated network ACL (not default) and custom rules for intra subnets"},"intra_inbound_acl_rules":{"default":[{"cidr_block":"0.0.0.0/0","from_port":"0","protocol":"-1","rule_action":"allow","rule_number":"100","to_port":"0"}],"description":"Intra subnets inbound network ACLs"},"intra_outbound_acl_rules":{"default":[{"cidr_block":"0.0.0.0/0","from_port":"0","protocol":"-1","rule_action":"allow","rule_number":"100","to_port":"0"}],"description":"Intra subnets outbound network ACLs"},"intra_route_table_tags":{"default":{},"description":"Additional tags for the intra route tables"},"intra_subnet_assign_ipv6_address_on_creation":{"default":false,"description":"Specify true to indicate that network interfaces created in the specified subnet should be assigned an IPv6 address. Default is `false`"},"intra_subnet_enable_dns64":{"default":true,"description":"Indicates whether DNS queries made to the Amazon-provided DNS Resolver in this subnet should return synthetic IPv6 addresses for IPv4-only destinations. Default: `true`"},"intra_subnet_enable_resource_name_dns_a_record_on_launch":{"default":false,"description":"Indicates whether to respond to DNS queries for instance hostnames with DNS A records. Default: `false`"},"intra_subnet_enable_resource_name_dns_aaaa_record_on_launch":{"default":true,"description":"Indicates whether to respond to DNS queries for instance hostnames with DNS AAAA records. Default: `true`"},"intra_subnet_ipv6_native":{"default":false,"description":"Indicates whether to create an IPv6-only subnet. Default: `false`"},"intra_subnet_ipv6_prefixes":{"default":[],"description":"Assigns IPv6 intra subnet id based on the Amazon provided /56 prefix base 10 integer (0-256). Must be of equal length to the corresponding IPv4 subnet list"},"intra_subnet_names":{"default":[],"description":"Explicit values to use in the Name tag on intra subnets. If empty, Name tags are generated"},"intra_subnet_private_dns_hostname_type_on_launch":{"default":null,"description":"The type of hostnames to assign to instances in the subnet at launch. For IPv6-only subnets, an instance DNS name must be based on the instance ID. For dual-stack and IPv4-only subnets, you can specify whether DNS names use the instance IPv4 address or the instance ID. Valid values: `ip-name`, `resource-name`"},"intra_subnet_suffix":{"default":"intra","description":"Suffix to append to intra subnets name"},"intra_subnet_tags":{"default":{},"description":"Additional tags for the intra subnets"},"intra_subnets":{"default":[],"description":"A list of intra subnets inside the VPC"},"ipv4_ipam_pool_id":{"default":null,"description":"(Optional) The ID of an IPv4 IPAM pool you want to use for allocating this VPC's CIDR"},"ipv4_netmask_length":{"default":null,"description":"(Optional) The netmask length of the IPv4 CIDR you want to allocate to this VPC. Requires specifying a ipv4_ipam_pool_id"},"ipv6_cidr":{"default":null,"description":"(Optional) IPv6 CIDR block to request from an IPAM Pool. Can be set explicitly or derived from IPAM using `ipv6_netmask_length`"},"ipv6_cidr_block_network_border_group":{"default":null,"description":"By default when an IPv6 CIDR is assigned to a VPC a default ipv6_cidr_block_network_border_group will be set to the region of the VPC. This can be changed to restrict advertisement of public addresses to specific Network Border Groups such as LocalZones"},"ipv6_ipam_pool_id":{"default":null,"description":"(Optional) IPAM Pool ID for a IPv6 pool. Conflicts with `assign_generated_ipv6_cidr_block`"},"ipv6_netmask_length":{"default":null,"description":"(Optional) Netmask length to request from IPAM Pool. Conflicts with `ipv6_cidr_block`. This can be omitted if IPAM pool as a `allocation_default_netmask_length` set. Valid values: `56`"},"manage_default_network_acl":{"default":true,"description":"Should be true to adopt and manage Default Network ACL"},"manage_default_route_table":{"default":true,"description":"Should be true to manage default route table"},"manage_default_security_group":{"default":true,"description":"Should be true to adopt and manage default security group"},"manage_default_vpc":{"default":false,"description":"Should be true to adopt and manage Default VPC"},"map_customer_owned_ip_on_launch":{"default":false,"description":"Specify true to indicate that network interfaces created in the subnet should be assigned a customer owned IP address. The `customer_owned_ipv4_pool` and `outpost_arn` arguments must be specified when set to `true`. Default is `false`"},"map_public_ip_on_launch":{"default":false,"description":"Specify true to indicate that instances launched into the subnet should be assigned a public IP address. Default is `false`"},"name":{"default":"","description":"Name to be used on all the resources as identifier"},"nat_eip_tags":{"default":{},"description":"Additional tags for the NAT EIP"},"nat_gateway_destination_cidr_block":{"default":"0.0.0.0/0","description":"Used to pass a custom destination route for private NAT Gateway. If not specified, the default 0.0.0.0/0 is used as a destination route"},"nat_gateway_tags":{"default":{},"description":"Additional tags for the NAT gateways"},"one_nat_gateway_per_az":{"default":false,"description":"Should be true if you want only one NAT Gateway per availability zone. Requires `var.azs` to be set, and the number of `public_subnets` created to be greater than or equal to the number of availability zones specified in `var.azs`"},"outpost_acl_tags":{"default":{},"description":"Additional tags for the outpost subnets network ACL"},"outpost_arn":{"default":null,"description":"ARN of Outpost you want to create a subnet in"},"outpost_az":{"default":null,"description":"AZ where Outpost is anchored"},"outpost_dedicated_network_acl":{"default":false,"description":"Whether to use dedicated network ACL (not default) and custom rules for outpost subnets"},"outpost_inbound_acl_rules":{"default":[{"cidr_block":"0.0.0.0/0","from_port":"0","protocol":"-1","rule_action":"allow","rule_number":"100","to_port":"0"}],"description":"Outpost subnets inbound network ACLs"},"outpost_outbound_acl_rules":{"default":[{"cidr_block":"0.0.0.0/0","from_port":"0","protocol":"-1","rule_action":"allow","rule_number":"100","to_port":"0"}],"description":"Outpost subnets outbound network ACLs"},"outpost_subnet_assign_ipv6_address_on_creation":{"default":false,"description":"Specify true to indicate that network interfaces created in the specified subnet should be assigned an IPv6 address. Default is `false`"},"outpost_subnet_enable_dns64":{"default":true,"description":"Indicates whether DNS queries made to the Amazon-provided DNS Resolver in this subnet should return synthetic IPv6 addresses for IPv4-only destinations. Default: `true`"},"outpost_subnet_enable_resource_name_dns_a_record_on_launch":{"default":false,"description":"Indicates whether to respond to DNS queries for instance hostnames with DNS A records. Default: `false`"},"outpost_subnet_enable_resource_name_dns_aaaa_record_on_launch":{"default":true,"description":"Indicates whether to respond to DNS queries for instance hostnames with DNS AAAA records. Default: `true`"},"outpost_subnet_ipv6_native":{"default":false,"description":"Indicates whether to create an IPv6-only subnet. Default: `false`"},"outpost_subnet_ipv6_prefixes":{"default":[],"description":"Assigns IPv6 outpost subnet id based on the Amazon provided /56 prefix base 10 integer (0-256). Must be of equal length to the corresponding IPv4 subnet list"},"outpost_subnet_names":{"default":[],"description":"Explicit values to use in the Name tag on outpost subnets. If empty, Name tags are generated"},"outpost_subnet_private_dns_hostname_type_on_launch":{"default":null,"description":"The type of hostnames to assign to instances in the subnet at launch. For IPv6-only subnets, an instance DNS name must be based on the instance ID. For dual-stack and IPv4-only subnets, you can specify whether DNS names use the instance IPv4 address or the instance ID. Valid values: `ip-name`, `resource-name`"},"outpost_subnet_suffix":{"default":"outpost","description":"Suffix to append to outpost subnets name"},"outpost_subnet_tags":{"default":{},"description":"Additional tags for the outpost subnets"},"outpost_subnets":{"default":[],"description":"A list of outpost subnets inside the VPC"},"private_acl_tags":{"default":{},"description":"Additional tags for the private subnets network ACL"},"private_dedicated_network_acl":{"default":false,"description":"Whether to use dedicated network ACL (not default) and custom rules for private subnets"},"private_inbound_acl_rules":{"default":[{"cidr_block":"0.0.0.0/0","from_port":"0","protocol":"-1","rule_action":"allow","rule_number":"100","to_port":"0"}],"description":"Private subnets inbound network ACLs"},"private_outbound_acl_rules":{"default":[{"cidr_block":"0.0.0.0/0","from_port":"0","protocol":"-1","rule_action":"allow","rule_number":"100","to_port":"0"}],"description":"Private subnets outbound network ACLs"},"private_route_table_tags":{"default":{},"description":"Additional tags for the private route tables"},"private_subnet_assign_ipv6_address_on_creation":{"default":false,"description":"Specify true to indicate that network interfaces created in the specified subnet should be assigned an IPv6 address. Default is `false`"},"private_subnet_enable_dns64":{"default":true,"description":"Indicates whether DNS queries made to the Amazon-provided DNS Resolver in this subnet should return synthetic IPv6 addresses for IPv4-only destinations. Default: `true`"},"private_subnet_enable_resource_name_dns_a_record_on_launch":{"default":false,"description":"Indicates whether to respond to DNS queries for instance hostnames with DNS A records. Default: `false`"},"private_subnet_enable_resource_name_dns_aaaa_record_on_launch":{"default":true,"description":"Indicates whether to respond to DNS queries for instance hostnames with DNS AAAA records. Default: `true`"},"private_subnet_ipv6_native":{"default":false,"description":"Indicates whether to create an IPv6-only subnet. Default: `false`"},"private_subnet_ipv6_prefixes":{"default":[],"description":"Assigns IPv6 private subnet id based on the Amazon provided /56 prefix base 10 integer (0-256). Must be of equal length to the corresponding IPv4 subnet list"},"private_subnet_names":{"default":[],"description":"Explicit values to use in the Name tag on private subnets. If empty, Name tags are generated"},"private_subnet_private_dns_hostname_type_on_launch":{"default":null,"description":"The type of hostnames to assign to instances in the subnet at launch. For IPv6-only subnets, an instance DNS name must be based on the instance ID. For dual-stack and IPv4-only subnets, you can specify whether DNS names use the instance IPv4 address or the instance ID. Valid values: `ip-name`, `resource-name`"},"private_subnet_suffix":{"default":"private","description":"Suffix to append to private subnets name"},"private_subnet_tags":{"default":{},"description":"Additional tags for the private subnets"},"private_subnet_tags_per_az":{"default":{},"description":"Additional tags for the private subnets where the primary key is the AZ"},"private_subnets":{"default":[],"description":"A list of private subnets inside the VPC"},"propagate_intra_route_tables_vgw":{"default":false,"description":"Should be true if you want route table propagation"},"propagate_private_route_tables_vgw":{"default":false,"description":"Should be true if you want route table propagation"},"propagate_public_route_tables_vgw":{"default":false,"description":"Should be true if you want route table propagation"},"public_acl_tags":{"default":{},"description":"Additional tags for the public subnets network ACL"},"public_dedicated_network_acl":{"default":false,"description":"Whether to use dedicated network ACL (not default) and custom rules for public subnets"},"public_inbound_acl_rules":{"default":[{"cidr_block":"0.0.0.0/0","from_port":"0","protocol":"-1","rule_action":"allow","rule_number":"100","to_port":"0"}],"description":"Public subnets inbound network ACLs"},"public_outbound_acl_rules":{"default":[{"cidr_block":"0.0.0.0/0","from_port":"0","protocol":"-1","rule_action":"allow","rule_number":"100","to_port":"0"}],"description":"Public subnets outbound network ACLs"},"public_route_table_tags":{"default":{},"description":"Additional tags for the public route tables"},"public_subnet_assign_ipv6_address_on_creation":{"default":false,"description":"Specify true to indicate that network interfaces created in the specified subnet should be assigned an IPv6 address. Default is `false`"},"public_subnet_enable_dns64":{"default":true,"description":"Indicates whether DNS queries made to the Amazon-provided DNS Resolver in this subnet should return synthetic IPv6 addresses for IPv4-only destinations. Default: `true`"},"public_subnet_enable_resource_name_dns_a_record_on_launch":{"default":false,"description":"Indicates whether to respond to DNS queries for instance hostnames with DNS A records. Default: `false`"},"public_subnet_enable_resource_name_dns_aaaa_record_on_launch":{"default":true,"description":"Indicates whether to respond to DNS queries for instance hostnames with DNS AAAA records. Default: `true`"},"public_subnet_ipv6_native":{"default":false,"description":"Indicates whether to create an IPv6-only subnet. Default: `false`"},"public_subnet_ipv6_prefixes":{"default":[],"description":"Assigns IPv6 public subnet id based on the Amazon provided /56 prefix base 10 integer (0-256). Must be of equal length to the corresponding IPv4 subnet list"},"public_subnet_names":{"default":[],"description":"Explicit values to use in the Name tag on public subnets. If empty, Name tags are generated"},"public_subnet_private_dns_hostname_type_on_launch":{"default":null,"description":"The type of hostnames to assign to instances in the subnet at launch. For IPv6-only subnets, an instance DNS name must be based on the instance ID. For dual-stack and IPv4-only subnets, you can specify whether DNS names use the instance IPv4 address or the instance ID. Valid values: `ip-name`, `resource-name`"},"public_subnet_suffix":{"default":"public","description":"Suffix to append to public subnets name"},"public_subnet_tags":{"default":{},"description":"Additional tags for the public subnets"},"public_subnet_tags_per_az":{"default":{},"description":"Additional tags for the public subnets where the primary key is the AZ"},"public_subnets":{"default":[],"description":"A list of public subnets inside the VPC"},"putin_khuylo":{"default":true,"description":"Do you agree that Putin doesn't respect Ukrainian sovereignty and territorial integrity? More info: https://en.wikipedia.org/wiki/Putin_khuylo!"},"redshift_acl_tags":{"default":{},"description":"Additional tags for the redshift subnets network ACL"},"redshift_dedicated_network_acl":{"default":false,"description":"Whether to use dedicated network ACL (not default) and custom rules for redshift subnets"},"redshift_inbound_acl_rules":{"default":[{"cidr_block":"0.0.0.0/0","from_port":"0","protocol":"-1","rule_action":"allow","rule_number":"100","to_port":"0"}],"description":"Redshift subnets inbound network ACL rules"},"redshift_outbound_acl_rules":{"default":[{"cidr_block":"0.0.0.0/0","from_port":"0","protocol":"-1","rule_action":"allow","rule_number":"100","to_port":"0"}],"description":"Redshift subnets outbound network ACL rules"},"redshift_route_table_tags":{"default":{},"description":"Additional tags for the redshift route tables"},"redshift_subnet_assign_ipv6_address_on_creation":{"default":false,"description":"Specify true to indicate that network interfaces created in the specified subnet should be assigned an IPv6 address. Default is `false`"},"redshift_subnet_enable_dns64":{"default":true,"description":"Indicates whether DNS queries made to the Amazon-provided DNS Resolver in this subnet should return synthetic IPv6 addresses for IPv4-only destinations. Default: `true`"},"redshift_subnet_enable_resource_name_dns_a_record_on_launch":{"default":false,"description":"Indicates whether to respond to DNS queries for instance hostnames with DNS A records. Default: `false`"},"redshift_subnet_enable_resource_name_dns_aaaa_record_on_launch":{"default":true,"description":"Indicates whether to respond to DNS queries for instance hostnames with DNS AAAA records. Default: `true`"},"redshift_subnet_group_name":{"default":null,"description":"Name of redshift subnet group"},"redshift_subnet_group_tags":{"default":{},"description":"Additional tags for the redshift subnet group"},"redshift_subnet_ipv6_native":{"default":false,"description":"Indicates whether to create an IPv6-only subnet. Default: `false`"},"redshift_subnet_ipv6_prefixes":{"default":[],"description":"Assigns IPv6 redshift subnet id based on the Amazon provided /56 prefix base 10 integer (0-256). Must be of equal length to the corresponding IPv4 subnet list"},"redshift_subnet_names":{"default":[],"description":"Explicit values to use in the Name tag on redshift subnets. If empty, Name tags are generated"},"redshift_subnet_private_dns_hostname_type_on_launch":{"default":null,"description":"The type of hostnames to assign to instances in the subnet at launch. For IPv6-only subnets, an instance DNS name must be based on the instance ID. For dual-stack and IPv4-only subnets, you can specify whether DNS names use the instance IPv4 address or the instance ID. Valid values: `ip-name`, `resource-name`"},"redshift_subnet_suffix":{"default":"redshift","description":"Suffix to append to redshift subnets name"},"redshift_subnet_tags":{"default":{},"description":"Additional tags for the redshift subnets"},"redshift_subnets":{"default":[],"description":"A list of redshift subnets inside the VPC"},"region":{"default":null,"description":"Region where the resource(s) will be managed. Defaults to the region set in the provider configuration"},"reuse_nat_ips":{"default":false,"description":"Should be true if you don't want EIPs to be created for your NAT Gateways and will instead pass them in via the 'external_nat_ip_ids' variable"},"secondary_cidr_blocks":{"default":[],"description":"List of secondary CIDR blocks to associate with the VPC to extend the IP Address pool"},"single_nat_gateway":{"default":false,"description":"Should be true if you want to provision a single shared NAT Gateway across all of your private networks"},"tags":{"default":{},"description":"A map of tags to add to all resources"},"use_ipam_pool":{"default":false,"description":"Determines whether IPAM pool is used for CIDR allocation"},"vpc_block_public_access_exclusions":{"default":{},"description":"A map of VPC block public access exclusions"},"vpc_block_public_access_options":{"default":{},"description":"A map of VPC block public access options"},"vpc_flow_log_iam_policy_name":{"default":"vpc-flow-log-to-cloudwatch","description":"Name of the IAM policy"},"vpc_flow_log_iam_policy_use_name_prefix":{"default":true,"description":"Determines whether the name of the IAM policy (`vpc_flow_log_iam_policy_name`) is used as a prefix"},"vpc_flow_log_iam_role_name":{"default":"vpc-flow-log-role","description":"Name to use on the VPC Flow Log IAM role created"},"vpc_flow_log_iam_role_path":{"default":null,"description":"The path for the VPC Flow Log IAM Role"},"vpc_flow_log_iam_role_use_name_prefix":{"default":true,"description":"Determines whether the IAM role name (`vpc_flow_log_iam_role_name_name`) is used as a prefix"},"vpc_flow_log_permissions_boundary":{"default":null,"description":"The ARN of the Permissions Boundary for the VPC Flow Log IAM Role"},"vpc_flow_log_tags":{"default":{},"description":"Additional tags for the VPC Flow Logs"},"vpc_tags":{"default":{},"description":"Additional tags for the VPC"},"vpn_gateway_az":{"default":null,"description":"The Availability Zone for the VPN Gateway"},"vpn_gateway_id":{"default":"","description":"ID of VPN Gateway to attach to the VPC"},"vpn_gateway_tags":{"default":{},"description":"Additional tags for the VPN gateway"}}},"version_constraint":"~\u003e 6.6"}},"variables":{"aws_region":{"default":"us-east-1","description":"AWS region to deploy into."},"container_port":{"default":3000,"description":"Container port exposed by the app."},"desired_count":{"default":2,"description":"Desired number of ECS tasks."},"ecr_repo_name":{"default":"ptapp2","description":"ECR repository name used by CI to push the image. Must match GitHub Actions env ECR_REPO_NAME."},"image_tag":{"default":"latest","description":"Container image tag to deploy."},"log_group_name":{"default":"/ecs/hello-world","description":"CloudWatch log group name for ECS awslogs driver."},"log_retention_in_days":{"default":14,"description":"CloudWatch log retention in days."},"name":{"default":"hello-world","description":"Base name/prefix for resources."},"tags":{"default":{"Managed":"terraform","Project":"hello-world"},"description":"Tags applied to all resources via provider default_tags."},"task_cpu":{"default":256,"description":"Fargate task CPU units."},"task_memory":{"default":512,"description":"Fargate task memory (MiB)."},"vpc_cidr":{"default":"10.0.0.0/16","description":"CIDR block for the VPC."}}}},"relevant_attributes":[{"resource":"module.ecs.module.cluster.aws_ecs_cluster_capacity_providers.this","attribute":[]},{"resource":"module.vpc.aws_route_table.intra","attribute":[]},{"resource":"module.ecs.module.service[\"app\"].module.container_definition[\"app\"].data.aws_region.current","attribute":["region"]},{"resource":"module.ecs.module.service.aws_security_group.this[0]","attribute":["id"]},{"resource":"module.vpc.aws_eip.nat","attribute":[]},{"resource":"module.vpc.aws_vpc.this[0]","attribute":["main_route_table_id"]},{"resource":"module.vpc.aws_route_table_association.elasticache","attribute":[]},{"resource":"module.alb.aws_lb_listener_rule.this","attribute":[]},{"resource":"module.vpc.aws_route.public_internet_gateway[0]","attribute":["id"]},{"resource":"module.vpc.aws_vpc.this[0]","attribute":["enable_dns_hostnames"]},{"resource":"module.ecs.module.cluster.time_sleep.this[0]","attribute":["triggers","capacity_provider_names"]},{"resource":"module.ecs.module.service[\"app\"].module.container_definition[\"app\"].aws_cloudwatch_log_group.this[0]","attribute":["arn"]},{"resource":"data.aws_availability_zones.available","attribute":["names"]},{"resource":"module.ecs.module.service[\"app\"].aws_appautoscaling_scheduled_action.this","attribute":[]},{"resource":"module.ecs.module.service.module.container_definition.aws_cloudwatch_log_group.this[0]","attribute":["arn"]},{"resource":"module.ecs.module.service.aws_ecs_service.this[0]","attribute":["name"]},{"resource":"module.vpc.aws_vpc.this[0]","attribute":["ipv6_association_id"]},{"resource":"module.ecs.module.cluster.aws_cloudwatch_log_group.this[0]","attribute":["name"]},{"resource":"module.ecs.module.service[\"app\"].data.aws_iam_policy_document.tasks_assume[0]","attribute":["json"]},{"resource":"module.ecs.module.service.aws_appautoscaling_scheduled_action.this","attribute":[]},{"resource":"module.vpc.aws_route.database_nat_gateway","attribute":[]},{"resource":"module.ecs.module.service[\"app\"].module.container_definition.aws_cloudwatch_log_group.this[0]","attribute":["name"]},{"resource":"module.ecs.module.service.aws_ecs_task_definition.this[0]","attribute":["revision"]},{"resource":"module.ecs.module.service.aws_ecs_task_set.ignore_task_definition[0]","attribute":["arn"]},{"resource":"module.vpc.aws_subnet.intra","attribute":[]},{"resource":"aws_security_group.alb","attribute":["id"]},{"resource":"module.ecs.module.service.aws_appautoscaling_target.this[0]","attribute":["service_namespace"]},{"resource":"module.ecs.module.service.aws_ecs_task_set.this[0]","attribute":["arn"]},{"resource":"module.ecs.module.service[\"app\"].aws_ecs_service.ignore_task_definition[0]","attribute":["id"]},{"resource":"module.ecs.module.service[\"app\"].aws_ecs_service.this[0]","attribute":["id"]},{"resource":"module.ecs.module.service.aws_ecs_task_set.this[0]","attribute":["stability_status"]},{"resource":"module.ecs.module.service[\"app\"].module.container_definition.aws_cloudwatch_log_group.this[0]","attribute":["arn"]},{"resource":"module.ecs.module.service.aws_iam_role.task_exec[0]","attribute":["name"]},{"resource":"module.vpc.aws_subnet.elasticache","attribute":[]},{"resource":"module.ecs.module.service[\"app\"].aws_appautoscaling_policy.this","attribute":[]},{"resource":"module.alb.aws_lb_target_group.this","attribute":[]},{"resource":"module.ecs.module.service[\"app\"].aws_ecs_task_definition.this[0]","attribute":["revision"]},{"resource":"module.ecs.module.service[\"app\"].aws_ecs_service.this[0]","attribute":["name"]},{"resource":"module.ecs.module.service.aws_appautoscaling_target.this[0]","attribute":["scalable_dimension"]},{"resource":"module.ecs.module.service.aws_ecs_task_set.ignore_task_definition[0]","attribute":["stability_status"]},{"resource":"module.alb.aws_lb.this[0]","attribute":["arn_suffix"]},{"resource":"module.ecs.module.service[\"app\"].aws_iam_role.tasks[0]","attribute":["name"]},{"resource":"module.ecs.module.service.aws_ecs_service.ignore_task_definition[0]","attribute":["id"]},{"resource":"module.alb.aws_security_group.this[0]","attribute":["id"]},{"resource":"module.ecs.module.service.module.container_definition.data.aws_region.current","attribute":["region"]},{"resource":"module.ecs.module.service.aws_appautoscaling_target.this[0]","attribute":["resource_id"]},{"resource":"module.ecs.module.service.aws_iam_role.service[0]","attribute":["name"]},{"resource":"module.ecs.module.cluster.aws_ecs_cluster.this[0]","attribute":["name"]},{"resource":"module.vpc.aws_route_table_association.public","attribute":[]},{"resource":"module.vpc.aws_vpc.this[0]","attribute":["owner_id"]},{"resource":"module.ecs.module.service[\"app\"].data.aws_iam_policy_document.tasks[0]","attribute":["json"]},{"resource":"module.vpc.aws_route_table.elasticache","attribute":[]},{"resource":"module.vpc.aws_subnet.public","attribute":[]},{"resource":"module.alb.aws_lb_listener.this","attribute":[]},{"resource":"module.vpc.aws_route_table_association.private","attribute":[]},{"resource":"module.alb.aws_lb.this[0]","attribute":["arn"]},{"resource":"module.ecs.module.service[\"app\"].module.container_definition.data.aws_region.current","attribute":["region"]},{"resource":"module.ecs.module.service.aws_ecs_task_definition.this[0]","attribute":["family"]},{"resource":"module.ecs.module.service.aws_iam_role.service[0]","attribute":["arn"]},{"resource":"module.ecs.module.service[\"app\"].aws_appautoscaling_target.this[0]","attribute":["scalable_dimension"]},{"resource":"module.ecs.module.service.aws_ecs_task_definition.this[0]","attribute":["arn"]},{"resource":"module.ecs.module.service.aws_iam_role.tasks[0]","attribute":["arn"]},{"resource":"module.ecs.module.cluster.aws_ecs_cluster.this[0]","attribute":["arn"]},{"resource":"module.vpc.aws_route_table.redshift","attribute":[]},{"resource":"module.vpc.aws_route_table_association.redshift_public","attribute":[]},{"resource":"module.alb.aws_security_group.this[0]","attribute":["arn"]},{"resource":"module.vpc.aws_route_table_association.redshift","attribute":[]},{"resource":"module.vpc.aws_vpc_ipv4_cidr_block_association.this","attribute":[]},{"resource":"module.vpc.aws_vpc.this[0]","attribute":["instance_tenancy"]},{"resource":"module.vpc.aws_subnet.redshift","attribute":[]},{"resource":"module.alb.aws_lb.this[0]","attribute":["id"]},{"resource":"module.vpc.aws_route_table_association.intra","attribute":[]},{"resource":"module.ecs.module.cluster.aws_iam_instance_profile.this[0]","attribute":["arn"]},{"resource":"module.ecs.module.service[\"app\"].data.aws_iam_policy_document.task_exec_assume[0]","attribute":["json"]},{"resource":"module.ecs.module.service.aws_ecs_task_set.this[0]","attribute":["status"]},{"resource":"module.ecs.module.service[\"app\"].aws_iam_policy.tasks[0]","attribute":["arn"]},{"resource":"module.ecs.module.service[\"app\"].aws_iam_role.tasks[0]","attribute":["unique_id"]},{"resource":"module.vpc.aws_internet_gateway.this[0]","attribute":["arn"]},{"resource":"module.ecs.module.service[\"app\"].aws_iam_role.task_exec[0]","attribute":["unique_id"]},{"resource":"aws_ecr_repository.app","attribute":["name"]},{"resource":"module.vpc.aws_cloudwatch_log_group.flow_log[0]","attribute":["arn"]},{"resource":"module.ecs.module.service.aws_ecs_service.this[0]","attribute":["id"]},{"resource":"module.ecs.module.service.aws_iam_role.infrastructure_iam_role[0]","attribute":["arn"]},{"resource":"module.ecs.module.cluster.time_sleep.this[0]","attribute":["triggers","capacity_providers"]},{"resource":"module.ecs.module.service[\"app\"].aws_security_group.this[0]","attribute":["id"]},{"resource":"module.ecs.module.service.aws_ecs_task_set.ignore_task_definition[0]","attribute":["task_set_id"]},{"resource":"module.vpc.aws_route_table.private","attribute":[]},{"resource":"module.vpc.aws_vpc.this[0]","attribute":["default_route_table_id"]},{"resource":"module.ecs.module.service[\"app\"].data.aws_iam_policy_document.task_exec[0]","attribute":["json"]},{"resource":"module.ecs.module.service[\"app\"].aws_iam_role.infrastructure_iam_role[0]","attribute":["arn"]},{"resource":"module.ecs.module.service.aws_iam_role.task_exec[0]","attribute":["arn"]},{"resource":"module.vpc.aws_customer_gateway.this","attribute":[]},{"resource":"module.ecs.module.service[\"app\"].aws_appautoscaling_target.this[0]","attribute":["service_namespace"]},{"resource":"module.ecs.module.service[\"app\"].aws_iam_policy.task_exec[0]","attribute":["arn"]},{"resource":"module.vpc.aws_nat_gateway.this","attribute":[]},{"resource":"module.ecs.module.cluster.aws_iam_role.infrastructure[0]","attribute":["arn"]},{"resource":"module.vpc.aws_iam_role.vpc_flow_log_cloudwatch[0]","attribute":["arn"]},{"resource":"module.ecs.module.cluster.aws_security_group.this","attribute":[]},{"resource":"module.ecs.module.service[\"app\"].data.aws_subnet.this[0]","attribute":["vpc_id"]},{"resource":"aws_ecr_repository.app","attribute":["repository_url"]},{"resource":"module.ecs.module.service[\"app\"].aws_appautoscaling_target.this[0]","attribute":["resource_id"]},{"resource":"module.ecs.module.service[\"app\"].aws_ecs_service.ignore_task_definition[0]","attribute":["name"]},{"resource":"module.ecs.module.service[\"app\"].aws_iam_role.service[0]","attribute":["arn"]},{"resource":"module.vpc.aws_route_table_association.database","attribute":[]},{"resource":"module.vpc.aws_vpc.this[0]","attribute":["default_security_group_id"]},{"resource":"module.ecs.module.cluster.aws_iam_role.task_exec[0]","attribute":["arn"]},{"resource":"module.ecs.module.service.aws_iam_role.service[0]","attribute":["unique_id"]},{"resource":"module.alb.aws_lb.this[0]","attribute":["dns_name"]},{"resource":"module.vpc.aws_vpc.this[0]","attribute":["cidr_block"]},{"resource":"module.vpc.aws_internet_gateway.this[0]","attribute":["id"]},{"resource":"module.ecs.module.service.aws_iam_role.task_exec[0]","attribute":["unique_id"]},{"resource":"module.ecs.module.service[\"app\"].aws_iam_role.task_exec[0]","attribute":["arn"]},{"resource":"module.vpc.aws_vpc.this[0]","attribute":["ipv6_cidr_block"]},{"resource":"module.ecs.module.service[\"app\"].aws_security_group.this[0]","attribute":["arn"]},{"resource":"module.vpc.aws_subnet.database","attribute":[]},{"resource":"module.alb.aws_lb.this[0]","attribute":["zone_id"]},{"resource":"module.vpc.aws_route_table.database","attribute":[]},{"resource":"module.vpc.aws_vpc.this[0]","attribute":["default_network_acl_id"]},{"resource":"module.ecs.module.service.aws_iam_role.infrastructure_iam_role[0]","attribute":["name"]},{"resource":"module.vpc.aws_vpc.this[0]","attribute":["enable_dns_support"]},{"resource":"module.vpc.aws_egress_only_internet_gateway.this","attribute":[]},{"resource":"module.ecs.module.cluster.aws_ecs_capacity_provider.this","attribute":[]},{"resource":"module.ecs.module.service.aws_ecs_task_set.ignore_task_definition[0]","attribute":["status"]},{"resource":"module.ecs.module.service[\"app\"].aws_iam_role.tasks[0]","attribute":["arn"]},{"resource":"module.vpc.aws_route_table.public","attribute":[]},{"resource":"module.ecs.module.service.aws_security_group.this[0]","attribute":["arn"]},{"resource":"module.ecs.module.service[\"app\"].module.container_definition[\"app\"].aws_cloudwatch_log_group.this[0]","attribute":["name"]},{"resource":"module.vpc.aws_vpc.this[0]","attribute":["arn"]},{"resource":"module.ecs.module.service[\"app\"].aws_ecs_task_definition.this[0]","attribute":["family"]},{"resource":"module.ecs.module.service.aws_appautoscaling_policy.this","attribute":[]},{"resource":"module.ecs.module.service.aws_ecs_service.ignore_task_definition[0]","attribute":["name"]},{"resource":"module.vpc.aws_vpc_ipv4_cidr_block_association.this[0]","attribute":["vpc_id"]},{"resource":"module.alb.aws_route53_record.this","attribute":[]},{"resource":"module.ecs.module.service.aws_ecs_task_set.this[0]","attribute":["task_set_id"]},{"resource":"module.ecs.module.cluster.aws_ecs_cluster.this[0]","attribute":["id"]},{"resource":"module.vpc.aws_subnet.outpost","attribute":[]},{"resource":"module.vpc.aws_subnet.private","attribute":[]},{"resource":"module.vpc.aws_vpc.this[0]","attribute":["id"]},{"resource":"module.ecs.module.service[\"app\"].aws_ecs_task_definition.this[0]","attribute":["arn"]},{"resource":"module.vpc.aws_route.private_ipv6_egress","attribute":[]},{"resource":"module.ecs.module.service[\"app\"].aws_iam_role.task_exec[0]","attribute":["name"]},{"resource":"module.ecs.module.service.module.container_definition.aws_cloudwatch_log_group.this[0]","attribute":["name"]},{"resource":"module.ecs.module.service.aws_iam_role.tasks[0]","attribute":["unique_id"]},{"resource":"module.ecs.module.cluster.aws_cloudwatch_log_group.this[0]","attribute":["arn"]},{"resource":"module.ecs.module.service.aws_iam_role.tasks[0]","attribute":["name"]},{"resource":"module.vpc.aws_vpc_block_public_access_exclusion.this","attribute":[]},{"resource":"module.vpc.aws_route.private_nat_gateway","attribute":[]}],"timestamp":"2026-01-27T15:02:50Z","applyable":true,"complete":true,"errored":false}
