
Terraform used the selected providers to generate the following execution
plan. Resource actions are indicated with the following symbols:
  + create

Terraform will perform the following actions:

  # aws_s3_bucket.faker-bucker will be created
  + resource "aws_s3_bucket" "faker-bucker" {
      + acceleration_status         = (known after apply)
      + acl                         = (known after apply)
      + arn                         = (known after apply)
      + bucket                      = "faker-data-test-bucket"
      + bucket_domain_name          = (known after apply)
      + bucket_prefix               = (known after apply)
      + bucket_regional_domain_name = (known after apply)
      + force_destroy               = false
      + hosted_zone_id              = (known after apply)
      + id                          = (known after apply)
      + object_lock_enabled         = (known after apply)
      + policy                      = (known after apply)
      + region                      = (known after apply)
      + request_payer               = (known after apply)
      + tags                        = {
          + "Environment"          = "Dev"
          + "Managed_by_terraform" = "True"
          + "Name"                 = "faker bucket"
          + "Service"              = "Airflow"
          + "Team"                 = "Core Data Engineers"
        }
      + tags_all                    = {
          + "Environment"          = "Dev"
          + "Managed_by_terraform" = "True"
          + "Name"                 = "faker bucket"
          + "Service"              = "Airflow"
          + "Team"                 = "Core Data Engineers"
        }
      + website_domain              = (known after apply)
      + website_endpoint            = (known after apply)

      + cors_rule (known after apply)

      + grant (known after apply)

      + lifecycle_rule (known after apply)

      + logging (known after apply)

      + object_lock_configuration (known after apply)

      + replication_configuration (known after apply)

      + server_side_encryption_configuration (known after apply)

      + versioning (known after apply)

      + website (known after apply)
    }

Plan: 1 to add, 0 to change, 0 to destroy.
