{"format_version":"1.2","terraform_version":"1.13.5","variables":{"venmo_auth_token":{"value":"terraform"}},"planned_values":{"root_module":{"resources":[{"address":"aws_cloudwatch_log_group.venmo_lambda_log_group","mode":"managed","type":"aws_cloudwatch_log_group","name":"venmo_lambda_log_group","provider_name":"registry.terraform.io/hashicorp/aws","schema_version":0,"values":{"kms_key_id":null,"name":"/aws/lambda/VenmoActionLambda","retention_in_days":14,"skip_destroy":false,"tags":null,"tags_all":{"Project":"venmo_automation","Terraform":"true"}},"sensitive_values":{"tags_all":{}}},{"address":"aws_cloudwatch_log_metric_filter.lambda_error_filter","mode":"managed","type":"aws_cloudwatch_log_metric_filter","name":"lambda_error_filter","provider_name":"registry.terraform.io/hashicorp/aws","schema_version":0,"values":{"log_group_name":"/aws/lambda/VenmoActionLambda","metric_transformation":[{"default_value":null,"dimensions":null,"name":"ErrorCount","namespace":"VenmoLambdaMetrics","unit":"None","value":"1"}],"name":"VenmoLambdaExecutionError","pattern":"ERROR"},"sensitive_values":{"metric_transformation":[{}]}},{"address":"aws_cloudwatch_metric_alarm.lambda_error_alarm","mode":"managed","type":"aws_cloudwatch_metric_alarm","name":"lambda_error_alarm","provider_name":"registry.terraform.io/hashicorp/aws","schema_version":1,"values":{"actions_enabled":true,"alarm_description":"Alarm when the VenmoActionLambda function fails.","alarm_name":"VenmoLambdaFunctionError","comparison_operator":"GreaterThanThreshold","datapoints_to_alarm":null,"dimensions":null,"evaluation_periods":1,"extended_statistic":null,"insufficient_data_actions":null,"metric_name":"ErrorCount","metric_query":[],"namespace":"VenmoLambdaMetrics","ok_actions":null,"period":60,"statistic":"Sum","tags":null,"tags_all":{"Project":"venmo_automation","Terraform":"true"},"threshold":0,"threshold_metric_id":null,"treat_missing_data":"missing","unit":null},"sensitive_values":{"alarm_actions":[],"metric_query":[],"tags_all":{}}},{"address":"aws_iam_policy.lambda_invoke_policy","mode":"managed","type":"aws_iam_policy","name":"lambda_invoke_policy","provider_name":"registry.terraform.io/hashicorp/aws","schema_version":0,"values":{"description":null,"name":"lambda_invoke_policy","path":"/","tags":null,"tags_all":{"Project":"venmo_automation","Terraform":"true"}},"sensitive_values":{"tags_all":{}}},{"address":"aws_iam_role.lambda_invocation_role","mode":"managed","type":"aws_iam_role","name":"lambda_invocation_role","provider_name":"registry.terraform.io/hashicorp/aws","schema_version":0,"values":{"assume_role_policy":"{\"Statement\":[{\"Action\":\"sts:AssumeRole\",\"Effect\":\"Allow\",\"Principal\":{\"Service\":\"scheduler.amazonaws.com\"}}],\"Version\":\"2012-10-17\"}","description":null,"force_detach_policies":false,"max_session_duration":3600,"name":"lambda_invocation_role","path":"/","permissions_boundary":null,"tags":null,"tags_all":{"Project":"venmo_automation","Terraform":"true"}},"sensitive_values":{"inline_policy":[],"managed_policy_arns":[],"tags_all":{}}},{"address":"aws_iam_role.lambda_role","mode":"managed","type":"aws_iam_role","name":"lambda_role","provider_name":"registry.terraform.io/hashicorp/aws","schema_version":0,"values":{"assume_role_policy":"{\"Statement\":[{\"Action\":\"sts:AssumeRole\",\"Effect\":\"Allow\",\"Principal\":{\"Service\":\"lambda.amazonaws.com\"}}],\"Version\":\"2012-10-17\"}","description":null,"force_detach_policies":false,"max_session_duration":3600,"name":"lambda_execution_role","path":"/","permissions_boundary":null,"tags":null,"tags_all":{"Project":"venmo_automation","Terraform":"true"}},"sensitive_values":{"inline_policy":[],"managed_policy_arns":[],"tags_all":{}}},{"address":"aws_iam_role_policy.lambda_policy","mode":"managed","type":"aws_iam_role_policy","name":"lambda_policy","provider_name":"registry.terraform.io/hashicorp/aws","schema_version":0,"values":{"policy":"{\"Version\":\"2012-10-17\",\"Statement\":[{\"Action\":[\"logs:CreateLogStream\",\"logs:PutLogEvents\"],\"Effect\":\"Allow\",\"Resource\":\"arn:aws:logs:*:*:*\"}]}"},"sensitive_values":{}},{"address":"aws_iam_role_policy_attachment.lambda_invoke_attachment","mode":"managed","type":"aws_iam_role_policy_attachment","name":"lambda_invoke_attachment","provider_name":"registry.terraform.io/hashicorp/aws","schema_version":0,"values":{"role":"lambda_invocation_role"},"sensitive_values":{}},{"address":"aws_lambda_function.venmo_lambda","mode":"managed","type":"aws_lambda_function","name":"venmo_lambda","provider_name":"registry.terraform.io/hashicorp/aws","schema_version":0,"values":{"code_signing_config_arn":null,"dead_letter_config":[],"description":null,"environment":[{"variables":{"VENMO_AUTH_TOKEN":"terraform"}}],"file_system_config":[],"filename":"./handler.zip","function_name":"VenmoActionLambda","handler":"handler.handler","image_config":[],"image_uri":null,"kms_key_arn":null,"layers":null,"memory_size":128,"package_type":"Zip","publish":false,"replace_security_groups_on_destroy":null,"replacement_security_group_ids":null,"reserved_concurrent_executions":-1,"runtime":"python3.11","s3_bucket":null,"s3_key":null,"s3_object_version":null,"skip_destroy":false,"snap_start":[],"source_code_hash":"e34c59d2d600fb86e12c9b79505988d88e5198ccf661eae565a6819c67e80fc2","tags":null,"tags_all":{"Project":"venmo_automation","Terraform":"true"},"timeout":3,"timeouts":null,"vpc_config":[]},"sensitive_values":{"architectures":[],"dead_letter_config":[],"environment":[{"variables":{}}],"ephemeral_storage":[],"file_system_config":[],"image_config":[],"logging_config":[],"snap_start":[],"tags_all":{},"tracing_config":[],"vpc_config":[]}},{"address":"aws_scheduler_schedule.venmo_action_schedule[\"ExamplePayment\"]","mode":"managed","type":"aws_scheduler_schedule","name":"venmo_action_schedule","index":"ExamplePayment","provider_name":"registry.terraform.io/hashicorp/aws","schema_version":0,"values":{"description":"Schedule for monthly payment","end_date":null,"flexible_time_window":[{"maximum_window_in_minutes":15,"mode":"FLEXIBLE"}],"kms_key_arn":null,"name":"ExamplePayment","schedule_expression":"cron(0 9 1 * ? *)","schedule_expression_timezone":"America/Denver","start_date":null,"state":"ENABLED","target":[{"dead_letter_config":[],"ecs_parameters":[],"eventbridge_parameters":[],"input":"{\"action\":\"payment\",\"amount\":20,\"note\":\"Here's some moneys\",\"recipient_user_name\":\"Matthew-Rice-26\"}","kinesis_parameters":[],"retry_policy":[{"maximum_event_age_in_seconds":86400,"maximum_retry_attempts":5}],"sagemaker_pipeline_parameters":[],"sqs_parameters":[]}]},"sensitive_values":{"flexible_time_window":[{}],"target":[{"dead_letter_config":[],"ecs_parameters":[],"eventbridge_parameters":[],"kinesis_parameters":[],"retry_policy":[{}],"sagemaker_pipeline_parameters":[],"sqs_parameters":[]}]}},{"address":"aws_scheduler_schedule.venmo_action_schedule[\"ExampleRequest\"]","mode":"managed","type":"aws_scheduler_schedule","name":"venmo_action_schedule","index":"ExampleRequest","provider_name":"registry.terraform.io/hashicorp/aws","schema_version":0,"values":{"description":"Schedule for monthly request","end_date":null,"flexible_time_window":[{"maximum_window_in_minutes":15,"mode":"FLEXIBLE"}],"kms_key_arn":null,"name":"ExampleRequest","schedule_expression":"cron(0 13 3 * ? *)","schedule_expression_timezone":"America/Denver","start_date":null,"state":"ENABLED","target":[{"dead_letter_config":[],"ecs_parameters":[],"eventbridge_parameters":[],"input":"{\"action\":\"request\",\"amount\":20,\"note\":\"Please pay me\",\"recipient_user_name\":\"Matthew-Rice-26\"}","kinesis_parameters":[],"retry_policy":[{"maximum_event_age_in_seconds":86400,"maximum_retry_attempts":5}],"sagemaker_pipeline_parameters":[],"sqs_parameters":[]}]},"sensitive_values":{"flexible_time_window":[{}],"target":[{"dead_letter_config":[],"ecs_parameters":[],"eventbridge_parameters":[],"kinesis_parameters":[],"retry_policy":[{}],"sagemaker_pipeline_parameters":[],"sqs_parameters":[]}]}},{"address":"aws_scheduler_schedule_group.venmo_schedule_group","mode":"managed","type":"aws_scheduler_schedule_group","name":"venmo_schedule_group","provider_name":"registry.terraform.io/hashicorp/aws","schema_version":0,"values":{"name":"venmo-schedules","tags":null,"tags_all":{"Project":"venmo_automation","Terraform":"true"},"timeouts":null},"sensitive_values":{"tags_all":{}}},{"address":"aws_sns_topic.lambda_failure_topic","mode":"managed","type":"aws_sns_topic","name":"lambda_failure_topic","provider_name":"registry.terraform.io/hashicorp/aws","schema_version":0,"values":{"application_failure_feedback_role_arn":null,"application_success_feedback_role_arn":null,"application_success_feedback_sample_rate":null,"archive_policy":null,"content_based_deduplication":false,"delivery_policy":null,"display_name":null,"fifo_topic":false,"firehose_failure_feedback_role_arn":null,"firehose_success_feedback_role_arn":null,"firehose_success_feedback_sample_rate":null,"http_failure_feedback_role_arn":null,"http_success_feedback_role_arn":null,"http_success_feedback_sample_rate":null,"kms_master_key_id":null,"lambda_failure_feedback_role_arn":null,"lambda_success_feedback_role_arn":null,"lambda_success_feedback_sample_rate":null,"name":"venmo-lambda-failure-notifications","sqs_failure_feedback_role_arn":null,"sqs_success_feedback_role_arn":null,"sqs_success_feedback_sample_rate":null,"tags":null,"tags_all":{"Project":"venmo_automation","Terraform":"true"}},"sensitive_values":{"tags_all":{}}},{"address":"aws_sns_topic_policy.sns_topic_policy","mode":"managed","type":"aws_sns_topic_policy","name":"sns_topic_policy","provider_name":"registry.terraform.io/hashicorp/aws","schema_version":0,"sensitive_values":{}},{"address":"aws_sns_topic_subscription.lambda_failure_subscription","mode":"managed","type":"aws_sns_topic_subscription","name":"lambda_failure_subscription","provider_name":"registry.terraform.io/hashicorp/aws","schema_version":0,"values":{"confirmation_timeout_in_minutes":1,"delivery_policy":null,"endpoint":"myemail@gmail.com","endpoint_auto_confirms":false,"filter_policy":null,"protocol":"email","raw_message_delivery":false,"redrive_policy":null,"replay_policy":null,"subscription_role_arn":null},"sensitive_values":{}},{"address":"data.aws_iam_policy_document.sns_topic_policy","mode":"data","type":"aws_iam_policy_document","name":"sns_topic_policy","provider_name":"registry.terraform.io/hashicorp/aws","schema_version":0,"values":{"override_json":null,"override_policy_documents":null,"policy_id":null,"source_json":null,"source_policy_documents":null,"statement":[{"actions":["SNS:Publish"],"condition":[],"effect":"Allow","not_actions":null,"not_principals":[],"not_resources":null,"principals":[{"identifiers":["cloudwatch.amazonaws.com"],"type":"Service"}],"resources":[null],"sid":null}],"version":null},"sensitive_values":{"statement":[{"actions":[false],"condition":[],"not_principals":[],"principals":[{"identifiers":[false]}],"resources":[false]}]}}]}},"resource_changes":[{"address":"data.aws_iam_policy_document.sns_topic_policy","mode":"data","type":"aws_iam_policy_document","name":"sns_topic_policy","provider_name":"registry.terraform.io/hashicorp/aws","change":{"actions":["read"],"before":null,"after":{"override_json":null,"override_policy_documents":null,"policy_id":null,"source_json":null,"source_policy_documents":null,"statement":[{"actions":["SNS:Publish"],"condition":[],"effect":"Allow","not_actions":null,"not_principals":[],"not_resources":null,"principals":[{"identifiers":["cloudwatch.amazonaws.com"],"type":"Service"}],"resources":[null],"sid":null}],"version":null},"after_unknown":{"id":true,"json":true,"minified_json":true,"statement":[{"actions":[false],"condition":[],"not_principals":[],"principals":[{"identifiers":[false]}],"resources":[true]}]},"before_sensitive":false,"after_sensitive":{"statement":[{"actions":[false],"condition":[],"not_principals":[],"principals":[{"identifiers":[false]}],"resources":[false]}]}},"action_reason":"read_because_config_unknown"},{"address":"aws_cloudwatch_log_group.venmo_lambda_log_group","mode":"managed","type":"aws_cloudwatch_log_group","name":"venmo_lambda_log_group","provider_name":"registry.terraform.io/hashicorp/aws","change":{"actions":["create"],"before":null,"after":{"kms_key_id":null,"name":"/aws/lambda/VenmoActionLambda","retention_in_days":14,"skip_destroy":false,"tags":null,"tags_all":{"Project":"venmo_automation","Terraform":"true"}},"after_unknown":{"arn":true,"id":true,"log_group_class":true,"name_prefix":true,"tags_all":{}},"before_sensitive":false,"after_sensitive":{"tags_all":{}}}},{"address":"aws_cloudwatch_log_metric_filter.lambda_error_filter","mode":"managed","type":"aws_cloudwatch_log_metric_filter","name":"lambda_error_filter","provider_name":"registry.terraform.io/hashicorp/aws","change":{"actions":["create"],"before":null,"after":{"log_group_name":"/aws/lambda/VenmoActionLambda","metric_transformation":[{"default_value":null,"dimensions":null,"name":"ErrorCount","namespace":"VenmoLambdaMetrics","unit":"None","value":"1"}],"name":"VenmoLambdaExecutionError","pattern":"ERROR"},"after_unknown":{"id":true,"metric_transformation":[{}]},"before_sensitive":false,"after_sensitive":{"metric_transformation":[{}]}}},{"address":"aws_cloudwatch_metric_alarm.lambda_error_alarm","mode":"managed","type":"aws_cloudwatch_metric_alarm","name":"lambda_error_alarm","provider_name":"registry.terraform.io/hashicorp/aws","change":{"actions":["create"],"before":null,"after":{"actions_enabled":true,"alarm_description":"Alarm when the VenmoActionLambda function fails.","alarm_name":"VenmoLambdaFunctionError","comparison_operator":"GreaterThanThreshold","datapoints_to_alarm":null,"dimensions":null,"evaluation_periods":1,"extended_statistic":null,"insufficient_data_actions":null,"metric_name":"ErrorCount","metric_query":[],"namespace":"VenmoLambdaMetrics","ok_actions":null,"period":60,"statistic":"Sum","tags":null,"tags_all":{"Project":"venmo_automation","Terraform":"true"},"threshold":0,"threshold_metric_id":null,"treat_missing_data":"missing","unit":null},"after_unknown":{"alarm_actions":true,"arn":true,"evaluate_low_sample_count_percentiles":true,"id":true,"metric_query":[],"tags_all":{}},"before_sensitive":false,"after_sensitive":{"alarm_actions":[],"metric_query":[],"tags_all":{}}}},{"address":"aws_iam_policy.lambda_invoke_policy","mode":"managed","type":"aws_iam_policy","name":"lambda_invoke_policy","provider_name":"registry.terraform.io/hashicorp/aws","change":{"actions":["create"],"before":null,"after":{"description":null,"name":"lambda_invoke_policy","path":"/","tags":null,"tags_all":{"Project":"venmo_automation","Terraform":"true"}},"after_unknown":{"arn":true,"attachment_count":true,"id":true,"name_prefix":true,"policy":true,"policy_id":true,"tags_all":{}},"before_sensitive":false,"after_sensitive":{"tags_all":{}}}},{"address":"aws_iam_role.lambda_invocation_role","mode":"managed","type":"aws_iam_role","name":"lambda_invocation_role","provider_name":"registry.terraform.io/hashicorp/aws","change":{"actions":["create"],"before":null,"after":{"assume_role_policy":"{\"Statement\":[{\"Action\":\"sts:AssumeRole\",\"Effect\":\"Allow\",\"Principal\":{\"Service\":\"scheduler.amazonaws.com\"}}],\"Version\":\"2012-10-17\"}","description":null,"force_detach_policies":false,"max_session_duration":3600,"name":"lambda_invocation_role","path":"/","permissions_boundary":null,"tags":null,"tags_all":{"Project":"venmo_automation","Terraform":"true"}},"after_unknown":{"arn":true,"create_date":true,"id":true,"inline_policy":true,"managed_policy_arns":true,"name_prefix":true,"tags_all":{},"unique_id":true},"before_sensitive":false,"after_sensitive":{"inline_policy":[],"managed_policy_arns":[],"tags_all":{}}}},{"address":"aws_iam_role.lambda_role","mode":"managed","type":"aws_iam_role","name":"lambda_role","provider_name":"registry.terraform.io/hashicorp/aws","change":{"actions":["create"],"before":null,"after":{"assume_role_policy":"{\"Statement\":[{\"Action\":\"sts:AssumeRole\",\"Effect\":\"Allow\",\"Principal\":{\"Service\":\"lambda.amazonaws.com\"}}],\"Version\":\"2012-10-17\"}","description":null,"force_detach_policies":false,"max_session_duration":3600,"name":"lambda_execution_role","path":"/","permissions_boundary":null,"tags":null,"tags_all":{"Project":"venmo_automation","Terraform":"true"}},"after_unknown":{"arn":true,"create_date":true,"id":true,"inline_policy":true,"managed_policy_arns":true,"name_prefix":true,"tags_all":{},"unique_id":true},"before_sensitive":false,"after_sensitive":{"inline_policy":[],"managed_policy_arns":[],"tags_all":{}}}},{"address":"aws_iam_role_policy.lambda_policy","mode":"managed","type":"aws_iam_role_policy","name":"lambda_policy","provider_name":"registry.terraform.io/hashicorp/aws","change":{"actions":["create"],"before":null,"after":{"policy":"{\"Version\":\"2012-10-17\",\"Statement\":[{\"Action\":[\"logs:CreateLogStream\",\"logs:PutLogEvents\"],\"Effect\":\"Allow\",\"Resource\":\"arn:aws:logs:*:*:*\"}]}"},"after_unknown":{"id":true,"name":true,"name_prefix":true,"role":true},"before_sensitive":false,"after_sensitive":{}}},{"address":"aws_iam_role_policy_attachment.lambda_invoke_attachment","mode":"managed","type":"aws_iam_role_policy_attachment","name":"lambda_invoke_attachment","provider_name":"registry.terraform.io/hashicorp/aws","change":{"actions":["create"],"before":null,"after":{"role":"lambda_invocation_role"},"after_unknown":{"id":true,"policy_arn":true},"before_sensitive":false,"after_sensitive":{}}},{"address":"aws_lambda_function.venmo_lambda","mode":"managed","type":"aws_lambda_function","name":"venmo_lambda","provider_name":"registry.terraform.io/hashicorp/aws","change":{"actions":["create"],"before":null,"after":{"code_signing_config_arn":null,"dead_letter_config":[],"description":null,"environment":[{"variables":{"VENMO_AUTH_TOKEN":"terraform"}}],"file_system_config":[],"filename":"./handler.zip","function_name":"VenmoActionLambda","handler":"handler.handler","image_config":[],"image_uri":null,"kms_key_arn":null,"layers":null,"memory_size":128,"package_type":"Zip","publish":false,"replace_security_groups_on_destroy":null,"replacement_security_group_ids":null,"reserved_concurrent_executions":-1,"runtime":"python3.11","s3_bucket":null,"s3_key":null,"s3_object_version":null,"skip_destroy":false,"snap_start":[],"source_code_hash":"e34c59d2d600fb86e12c9b79505988d88e5198ccf661eae565a6819c67e80fc2","tags":null,"tags_all":{"Project":"venmo_automation","Terraform":"true"},"timeout":3,"timeouts":null,"vpc_config":[]},"after_unknown":{"architectures":true,"arn":true,"code_sha256":true,"dead_letter_config":[],"environment":[{"variables":{}}],"ephemeral_storage":true,"file_system_config":[],"id":true,"image_config":[],"invoke_arn":true,"last_modified":true,"logging_config":true,"qualified_arn":true,"qualified_invoke_arn":true,"role":true,"signing_job_arn":true,"signing_profile_version_arn":true,"snap_start":[],"source_code_size":true,"tags_all":{},"tracing_config":true,"version":true,"vpc_config":[]},"before_sensitive":false,"after_sensitive":{"architectures":[],"dead_letter_config":[],"environment":[{"variables":{}}],"ephemeral_storage":[],"file_system_config":[],"image_config":[],"logging_config":[],"snap_start":[],"tags_all":{},"tracing_config":[],"vpc_config":[]}}},{"address":"aws_scheduler_schedule.venmo_action_schedule[\"ExamplePayment\"]","mode":"managed","type":"aws_scheduler_schedule","name":"venmo_action_schedule","index":"ExamplePayment","provider_name":"registry.terraform.io/hashicorp/aws","change":{"actions":["create"],"before":null,"after":{"description":"Schedule for monthly payment","end_date":null,"flexible_time_window":[{"maximum_window_in_minutes":15,"mode":"FLEXIBLE"}],"kms_key_arn":null,"name":"ExamplePayment","schedule_expression":"cron(0 9 1 * ? *)","schedule_expression_timezone":"America/Denver","start_date":null,"state":"ENABLED","target":[{"dead_letter_config":[],"ecs_parameters":[],"eventbridge_parameters":[],"input":"{\"action\":\"payment\",\"amount\":20,\"note\":\"Here's some moneys\",\"recipient_user_name\":\"Matthew-Rice-26\"}","kinesis_parameters":[],"retry_policy":[{"maximum_event_age_in_seconds":86400,"maximum_retry_attempts":5}],"sagemaker_pipeline_parameters":[],"sqs_parameters":[]}]},"after_unknown":{"arn":true,"flexible_time_window":[{}],"group_name":true,"id":true,"name_prefix":true,"target":[{"arn":true,"dead_letter_config":[],"ecs_parameters":[],"eventbridge_parameters":[],"kinesis_parameters":[],"retry_policy":[{}],"role_arn":true,"sagemaker_pipeline_parameters":[],"sqs_parameters":[]}]},"before_sensitive":false,"after_sensitive":{"flexible_time_window":[{}],"target":[{"dead_letter_config":[],"ecs_parameters":[],"eventbridge_parameters":[],"kinesis_parameters":[],"retry_policy":[{}],"sagemaker_pipeline_parameters":[],"sqs_parameters":[]}]}}},{"address":"aws_scheduler_schedule.venmo_action_schedule[\"ExampleRequest\"]","mode":"managed","type":"aws_scheduler_schedule","name":"venmo_action_schedule","index":"ExampleRequest","provider_name":"registry.terraform.io/hashicorp/aws","change":{"actions":["create"],"before":null,"after":{"description":"Schedule for monthly request","end_date":null,"flexible_time_window":[{"maximum_window_in_minutes":15,"mode":"FLEXIBLE"}],"kms_key_arn":null,"name":"ExampleRequest","schedule_expression":"cron(0 13 3 * ? *)","schedule_expression_timezone":"America/Denver","start_date":null,"state":"ENABLED","target":[{"dead_letter_config":[],"ecs_parameters":[],"eventbridge_parameters":[],"input":"{\"action\":\"request\",\"amount\":20,\"note\":\"Please pay me\",\"recipient_user_name\":\"Matthew-Rice-26\"}","kinesis_parameters":[],"retry_policy":[{"maximum_event_age_in_seconds":86400,"maximum_retry_attempts":5}],"sagemaker_pipeline_parameters":[],"sqs_parameters":[]}]},"after_unknown":{"arn":true,"flexible_time_window":[{}],"group_name":true,"id":true,"name_prefix":true,"target":[{"arn":true,"dead_letter_config":[],"ecs_parameters":[],"eventbridge_parameters":[],"kinesis_parameters":[],"retry_policy":[{}],"role_arn":true,"sagemaker_pipeline_parameters":[],"sqs_parameters":[]}]},"before_sensitive":false,"after_sensitive":{"flexible_time_window":[{}],"target":[{"dead_letter_config":[],"ecs_parameters":[],"eventbridge_parameters":[],"kinesis_parameters":[],"retry_policy":[{}],"sagemaker_pipeline_parameters":[],"sqs_parameters":[]}]}}},{"address":"aws_scheduler_schedule_group.venmo_schedule_group","mode":"managed","type":"aws_scheduler_schedule_group","name":"venmo_schedule_group","provider_name":"registry.terraform.io/hashicorp/aws","change":{"actions":["create"],"before":null,"after":{"name":"venmo-schedules","tags":null,"tags_all":{"Project":"venmo_automation","Terraform":"true"},"timeouts":null},"after_unknown":{"arn":true,"creation_date":true,"id":true,"last_modification_date":true,"name_prefix":true,"state":true,"tags_all":{}},"before_sensitive":false,"after_sensitive":{"tags_all":{}}}},{"address":"aws_sns_topic.lambda_failure_topic","mode":"managed","type":"aws_sns_topic","name":"lambda_failure_topic","provider_name":"registry.terraform.io/hashicorp/aws","change":{"actions":["create"],"before":null,"after":{"application_failure_feedback_role_arn":null,"application_success_feedback_role_arn":null,"application_success_feedback_sample_rate":null,"archive_policy":null,"content_based_deduplication":false,"delivery_policy":null,"display_name":null,"fifo_topic":false,"firehose_failure_feedback_role_arn":null,"firehose_success_feedback_role_arn":null,"firehose_success_feedback_sample_rate":null,"http_failure_feedback_role_arn":null,"http_success_feedback_role_arn":null,"http_success_feedback_sample_rate":null,"kms_master_key_id":null,"lambda_failure_feedback_role_arn":null,"lambda_success_feedback_role_arn":null,"lambda_success_feedback_sample_rate":null,"name":"venmo-lambda-failure-notifications","sqs_failure_feedback_role_arn":null,"sqs_success_feedback_role_arn":null,"sqs_success_feedback_sample_rate":null,"tags":null,"tags_all":{"Project":"venmo_automation","Terraform":"true"}},"after_unknown":{"arn":true,"beginning_archive_time":true,"fifo_throughput_scope":true,"id":true,"name_prefix":true,"owner":true,"policy":true,"signature_version":true,"tags_all":{},"tracing_config":true},"before_sensitive":false,"after_sensitive":{"tags_all":{}}}},{"address":"aws_sns_topic_policy.sns_topic_policy","mode":"managed","type":"aws_sns_topic_policy","name":"sns_topic_policy","provider_name":"registry.terraform.io/hashicorp/aws","change":{"actions":["create"],"before":null,"after":{},"after_unknown":{"arn":true,"id":true,"owner":true,"policy":true},"before_sensitive":false,"after_sensitive":{}}},{"address":"aws_sns_topic_subscription.lambda_failure_subscription","mode":"managed","type":"aws_sns_topic_subscription","name":"lambda_failure_subscription","provider_name":"registry.terraform.io/hashicorp/aws","change":{"actions":["create"],"before":null,"after":{"confirmation_timeout_in_minutes":1,"delivery_policy":null,"endpoint":"myemail@gmail.com","endpoint_auto_confirms":false,"filter_policy":null,"protocol":"email","raw_message_delivery":false,"redrive_policy":null,"replay_policy":null,"subscription_role_arn":null},"after_unknown":{"arn":true,"confirmation_was_authenticated":true,"filter_policy_scope":true,"id":true,"owner_id":true,"pending_confirmation":true,"topic_arn":true},"before_sensitive":false,"after_sensitive":{}}}],"prior_state":{"format_version":"1.0","terraform_version":"1.13.5","values":{"root_module":{"resources":[{"address":"data.archive_file.lambda_dummy","mode":"data","type":"archive_file","name":"lambda_dummy","provider_name":"registry.terraform.io/hashicorp/archive","schema_version":0,"values":{"exclude_symlink_directories":null,"excludes":null,"id":"58e93fade67637870be5af38eff8d5aa66c7da49","output_base64sha256":"wmbalFzzY/wG3ivChKElOZB3+B4gptmQyIat05p+fU4=","output_base64sha512":"BQYAg1LwEY4tDmry1VoRx6StX0vjH+7LpfB5KAZLVvfJQjioPbBv1QxI6QF6P2U614fU3h9XKBCb9z5Y1ornqA==","output_file_mode":null,"output_md5":"a0dbd832a6a977d6d5b28ea5c85e30fb","output_path":"./.dummy/lambda.zip","output_sha":"58e93fade67637870be5af38eff8d5aa66c7da49","output_sha256":"c266da945cf363fc06de2bc284a125399077f81e20a6d990c886add39a7e7d4e","output_sha512":"0506008352f0118e2d0e6af2d55a11c7a4ad5f4be31feecba5f07928064b56f7c94238a83db06fd50c48e9017a3f653ad787d4de1f5728109bf73e58d68ae7a8","output_size":246,"source":[{"content":"exports.handler = async (event) =\u003e {\n  console.log(\"Dummy lambda invoked\");\n  return { statusCode: 200, body: \"dummy\" };\n};\n","filename":"index.js"}],"source_content":null,"source_content_filename":null,"source_dir":null,"source_file":null,"type":"zip"},"sensitive_values":{"source":[{}]}},{"address":"data.external.lambda_zip","mode":"data","type":"external","name":"lambda_zip","provider_name":"registry.terraform.io/hashicorp/external","schema_version":0,"values":{"id":"-","program":["bash","./../package_lambda.sh"],"query":null,"result":{"zipfile":"./handler.zip"},"working_dir":null},"sensitive_values":{"program":[false,false],"result":{}}}]}}},"configuration":{"provider_config":{"archive":{"name":"archive","full_name":"registry.terraform.io/hashicorp/archive"},"aws":{"name":"aws","full_name":"registry.terraform.io/hashicorp/aws","version_constraint":"~\u003e 5.0","expressions":{"default_tags":[{"tags":{"references":["local.common_tags"]}}],"region":{"constant_value":"us-east-1"}}},"external":{"name":"external","full_name":"registry.terraform.io/hashicorp/external"}},"root_module":{"resources":[{"address":"aws_cloudwatch_log_group.venmo_lambda_log_group","mode":"managed","type":"aws_cloudwatch_log_group","name":"venmo_lambda_log_group","provider_config_key":"aws","expressions":{"name":{"references":["aws_lambda_function.venmo_lambda.function_name","aws_lambda_function.venmo_lambda"]},"retention_in_days":{"constant_value":14}},"schema_version":0},{"address":"aws_cloudwatch_log_metric_filter.lambda_error_filter","mode":"managed","type":"aws_cloudwatch_log_metric_filter","name":"lambda_error_filter","provider_config_key":"aws","expressions":{"log_group_name":{"references":["aws_lambda_function.venmo_lambda.function_name","aws_lambda_function.venmo_lambda"]},"metric_transformation":[{"name":{"constant_value":"ErrorCount"},"namespace":{"references":["local.metric_namespace"]},"value":{"constant_value":"1"}}],"name":{"references":["local.metric_filter_name"]},"pattern":{"constant_value":"ERROR"}},"schema_version":0,"depends_on":["aws_cloudwatch_log_group.venmo_lambda_log_group"]},{"address":"aws_cloudwatch_metric_alarm.lambda_error_alarm","mode":"managed","type":"aws_cloudwatch_metric_alarm","name":"lambda_error_alarm","provider_config_key":"aws","expressions":{"alarm_actions":{"references":["aws_sns_topic.lambda_failure_topic.arn","aws_sns_topic.lambda_failure_topic"]},"alarm_description":{"references":["aws_lambda_function.venmo_lambda.function_name","aws_lambda_function.venmo_lambda"]},"alarm_name":{"constant_value":"VenmoLambdaFunctionError"},"comparison_operator":{"constant_value":"GreaterThanThreshold"},"evaluation_periods":{"constant_value":"1"},"metric_name":{"constant_value":"ErrorCount"},"namespace":{"references":["local.metric_namespace"]},"period":{"constant_value":"60"},"statistic":{"constant_value":"Sum"},"threshold":{"constant_value":"0"}},"schema_version":1},{"address":"aws_iam_policy.lambda_invoke_policy","mode":"managed","type":"aws_iam_policy","name":"lambda_invoke_policy","provider_config_key":"aws","expressions":{"name":{"constant_value":"lambda_invoke_policy"},"policy":{"references":["aws_lambda_function.venmo_lambda.arn","aws_lambda_function.venmo_lambda"]}},"schema_version":0},{"address":"aws_iam_role.lambda_invocation_role","mode":"managed","type":"aws_iam_role","name":"lambda_invocation_role","provider_config_key":"aws","expressions":{"assume_role_policy":{},"name":{"constant_value":"lambda_invocation_role"}},"schema_version":0},{"address":"aws_iam_role.lambda_role","mode":"managed","type":"aws_iam_role","name":"lambda_role","provider_config_key":"aws","expressions":{"assume_role_policy":{},"name":{"constant_value":"lambda_execution_role"}},"schema_version":0},{"address":"aws_iam_role_policy.lambda_policy","mode":"managed","type":"aws_iam_role_policy","name":"lambda_policy","provider_config_key":"aws","expressions":{"policy":{},"role":{"references":["aws_iam_role.lambda_role.id","aws_iam_role.lambda_role"]}},"schema_version":0},{"address":"aws_iam_role_policy_attachment.lambda_invoke_attachment","mode":"managed","type":"aws_iam_role_policy_attachment","name":"lambda_invoke_attachment","provider_config_key":"aws","expressions":{"policy_arn":{"references":["aws_iam_policy.lambda_invoke_policy.arn","aws_iam_policy.lambda_invoke_policy"]},"role":{"references":["aws_iam_role.lambda_invocation_role.name","aws_iam_role.lambda_invocation_role"]}},"schema_version":0},{"address":"aws_lambda_function.venmo_lambda","mode":"managed","type":"aws_lambda_function","name":"venmo_lambda","provider_config_key":"aws","expressions":{"environment":[{"variables":{"references":["var.venmo_auth_token"]}}],"filename":{"references":["data.external.lambda_zip.result[\"zipfile\"]","data.external.lambda_zip.result","data.external.lambda_zip"]},"function_name":{"references":["local.lambda_function_name"]},"handler":{"constant_value":"handler.handler"},"role":{"references":["aws_iam_role.lambda_role.arn","aws_iam_role.lambda_role"]},"runtime":{"constant_value":"python3.11"},"source_code_hash":{"references":["local.lambda_source_hash"]}},"schema_version":0},{"address":"aws_scheduler_schedule.venmo_action_schedule","mode":"managed","type":"aws_scheduler_schedule","name":"venmo_action_schedule","provider_config_key":"aws","expressions":{"description":{"references":["each.value.description","each.value"]},"flexible_time_window":[{"maximum_window_in_minutes":{"constant_value":15},"mode":{"constant_value":"FLEXIBLE"}}],"group_name":{"references":["aws_scheduler_schedule_group.venmo_schedule_group.id","aws_scheduler_schedule_group.venmo_schedule_group"]},"name":{"references":["each.key"]},"schedule_expression":{"references":["each.value.cron_expression","each.value"]},"schedule_expression_timezone":{"references":["local.scheduler_time_zone"]},"target":[{"arn":{"references":["aws_lambda_function.venmo_lambda.arn","aws_lambda_function.venmo_lambda"]},"input":{"references":["each.value.payload","each.value"]},"retry_policy":[{"maximum_retry_attempts":{"constant_value":5}}],"role_arn":{"references":["aws_iam_role.lambda_invocation_role.arn","aws_iam_role.lambda_invocation_role"]}}]},"schema_version":0,"for_each_expression":{"references":["local.venmo_schedules"]}},{"address":"aws_scheduler_schedule_group.venmo_schedule_group","mode":"managed","type":"aws_scheduler_schedule_group","name":"venmo_schedule_group","provider_config_key":"aws","expressions":{"name":{"references":["local.schedule_group_name"]}},"schema_version":0},{"address":"aws_sns_topic.lambda_failure_topic","mode":"managed","type":"aws_sns_topic","name":"lambda_failure_topic","provider_config_key":"aws","expressions":{"name":{"references":["local.sns_topic_name"]}},"schema_version":0},{"address":"aws_sns_topic_policy.sns_topic_policy","mode":"managed","type":"aws_sns_topic_policy","name":"sns_topic_policy","provider_config_key":"aws","expressions":{"arn":{"references":["aws_sns_topic.lambda_failure_topic.arn","aws_sns_topic.lambda_failure_topic"]},"policy":{"references":["data.aws_iam_policy_document.sns_topic_policy.json","data.aws_iam_policy_document.sns_topic_policy"]}},"schema_version":0},{"address":"aws_sns_topic_subscription.lambda_failure_subscription","mode":"managed","type":"aws_sns_topic_subscription","name":"lambda_failure_subscription","provider_config_key":"aws","expressions":{"endpoint":{"references":["local.alarm_email"]},"protocol":{"constant_value":"email"},"topic_arn":{"references":["aws_sns_topic.lambda_failure_topic.arn","aws_sns_topic.lambda_failure_topic"]}},"schema_version":0},{"address":"data.archive_file.lambda_dummy","mode":"data","type":"archive_file","name":"lambda_dummy","provider_config_key":"archive","expressions":{"output_path":{"references":["local.lambda_dummy_zip"]},"source":[{"content":{"constant_value":"exports.handler = async (event) =\u003e {\n  console.log(\"Dummy lambda invoked\");\n  return { statusCode: 200, body: \"dummy\" };\n};\n"},"filename":{"constant_value":"index.js"}}],"type":{"constant_value":"zip"}},"schema_version":0},{"address":"data.aws_iam_policy_document.sns_topic_policy","mode":"data","type":"aws_iam_policy_document","name":"sns_topic_policy","provider_config_key":"aws","expressions":{"statement":[{"actions":{"constant_value":["SNS:Publish"]},"effect":{"constant_value":"Allow"},"principals":[{"identifiers":{"constant_value":["cloudwatch.amazonaws.com"]},"type":{"constant_value":"Service"}}],"resources":{"references":["aws_sns_topic.lambda_failure_topic.arn","aws_sns_topic.lambda_failure_topic"]}}]},"schema_version":0},{"address":"data.external.lambda_zip","mode":"data","type":"external","name":"lambda_zip","provider_config_key":"external","expressions":{"program":{"references":["path.module"]}},"schema_version":0}],"variables":{"venmo_auth_token":{"description":"Venmo auth token"}}}},"relevant_attributes":[{"resource":"aws_iam_role.lambda_invocation_role","attribute":["arn"]},{"resource":"data.aws_iam_policy_document.sns_topic_policy","attribute":["json"]},{"resource":"aws_iam_role.lambda_role","attribute":["id"]},{"resource":"data.external.lambda_zip","attribute":["result","zipfile"]},{"resource":"aws_iam_role.lambda_role","attribute":["arn"]},{"resource":"aws_iam_policy.lambda_invoke_policy","attribute":["arn"]},{"resource":"aws_iam_role.lambda_invocation_role","attribute":["name"]},{"resource":"aws_lambda_function.venmo_lambda","attribute":["arn"]},{"resource":"aws_lambda_function.venmo_lambda","attribute":["function_name"]},{"resource":"aws_sns_topic.lambda_failure_topic","attribute":["arn"]},{"resource":"aws_scheduler_schedule_group.venmo_schedule_group","attribute":["id"]}],"timestamp":"2026-01-23T12:55:22Z","applyable":true,"complete":true,"errored":false}
