data.external.lambda_zip: Reading...
data.archive_file.lambda_dummy: Reading...
data.archive_file.lambda_dummy: Read complete after 0s [id=58e93fade67637870be5af38eff8d5aa66c7da49]
data.external.lambda_zip: Read complete after 2s [id=-]

Terraform used the selected providers to generate the following execution
plan. Resource actions are indicated with the following symbols:
  + create
 <= read (data resources)

Terraform will perform the following actions:

  # data.aws_iam_policy_document.sns_topic_policy will be read during apply
  # (config refers to values not yet known)
 <= data "aws_iam_policy_document" "sns_topic_policy" {
      + id            = (known after apply)
      + json          = (known after apply)
      + minified_json = (known after apply)

      + statement {
          + actions   = [
              + "SNS:Publish",
            ]
          + effect    = "Allow"
          + resources = [
              + (known after apply),
            ]

          + principals {
              + identifiers = [
                  + "cloudwatch.amazonaws.com",
                ]
              + type        = "Service"
            }
        }
    }

  # aws_cloudwatch_log_group.venmo_lambda_log_group will be created
  + resource "aws_cloudwatch_log_group" "venmo_lambda_log_group" {
      + arn               = (known after apply)
      + id                = (known after apply)
      + log_group_class   = (known after apply)
      + name              = "/aws/lambda/VenmoActionLambda"
      + name_prefix       = (known after apply)
      + retention_in_days = 14
      + skip_destroy      = false
      + tags_all          = {
          + "Project"   = "venmo_automation"
          + "Terraform" = "true"
        }
    }

  # aws_cloudwatch_log_metric_filter.lambda_error_filter will be created
  + resource "aws_cloudwatch_log_metric_filter" "lambda_error_filter" {
      + id             = (known after apply)
      + log_group_name = "/aws/lambda/VenmoActionLambda"
      + name           = "VenmoLambdaExecutionError"
      + pattern        = "ERROR"

      + metric_transformation {
          + name      = "ErrorCount"
          + namespace = "VenmoLambdaMetrics"
          + unit      = "None"
          + value     = "1"
        }
    }

  # aws_cloudwatch_metric_alarm.lambda_error_alarm will be created
  + resource "aws_cloudwatch_metric_alarm" "lambda_error_alarm" {
      + actions_enabled                       = true
      + alarm_actions                         = (known after apply)
      + alarm_description                     = "Alarm when the VenmoActionLambda function fails."
      + alarm_name                            = "VenmoLambdaFunctionError"
      + arn                                   = (known after apply)
      + comparison_operator                   = "GreaterThanThreshold"
      + evaluate_low_sample_count_percentiles = (known after apply)
      + evaluation_periods                    = 1
      + id                                    = (known after apply)
      + metric_name                           = "ErrorCount"
      + namespace                             = "VenmoLambdaMetrics"
      + period                                = 60
      + statistic                             = "Sum"
      + tags_all                              = {
          + "Project"   = "venmo_automation"
          + "Terraform" = "true"
        }
      + threshold                             = 0
      + treat_missing_data                    = "missing"
    }

  # aws_iam_policy.lambda_invoke_policy will be created
  + resource "aws_iam_policy" "lambda_invoke_policy" {
      + arn              = (known after apply)
      + attachment_count = (known after apply)
      + id               = (known after apply)
      + name             = "lambda_invoke_policy"
      + name_prefix      = (known after apply)
      + path             = "/"
      + policy           = (known after apply)
      + policy_id        = (known after apply)
      + tags_all         = {
          + "Project"   = "venmo_automation"
          + "Terraform" = "true"
        }
    }

  # aws_iam_role.lambda_invocation_role will be created
  + resource "aws_iam_role" "lambda_invocation_role" {
      + arn                   = (known after apply)
      + assume_role_policy    = jsonencode(
            {
              + Statement = [
                  + {
                      + Action    = "sts:AssumeRole"
                      + Effect    = "Allow"
                      + Principal = {
                          + Service = "scheduler.amazonaws.com"
                        }
                    },
                ]
              + Version   = "2012-10-17"
            }
        )
      + create_date           = (known after apply)
      + force_detach_policies = false
      + id                    = (known after apply)
      + managed_policy_arns   = (known after apply)
      + max_session_duration  = 3600
      + name                  = "lambda_invocation_role"
      + name_prefix           = (known after apply)
      + path                  = "/"
      + tags_all              = {
          + "Project"   = "venmo_automation"
          + "Terraform" = "true"
        }
      + unique_id             = (known after apply)

      + inline_policy (known after apply)
    }

  # aws_iam_role.lambda_role will be created
  + resource "aws_iam_role" "lambda_role" {
      + arn                   = (known after apply)
      + assume_role_policy    = jsonencode(
            {
              + Statement = [
                  + {
                      + Action    = "sts:AssumeRole"
                      + Effect    = "Allow"
                      + Principal = {
                          + Service = "lambda.amazonaws.com"
                        }
                    },
                ]
              + Version   = "2012-10-17"
            }
        )
      + create_date           = (known after apply)
      + force_detach_policies = false
      + id                    = (known after apply)
      + managed_policy_arns   = (known after apply)
      + max_session_duration  = 3600
      + name                  = "lambda_execution_role"
      + name_prefix           = (known after apply)
      + path                  = "/"
      + tags_all              = {
          + "Project"   = "venmo_automation"
          + "Terraform" = "true"
        }
      + unique_id             = (known after apply)

      + inline_policy (known after apply)
    }

  # aws_iam_role_policy.lambda_policy will be created
  + resource "aws_iam_role_policy" "lambda_policy" {
      + id          = (known after apply)
      + name        = (known after apply)
      + name_prefix = (known after apply)
      + policy      = jsonencode(
            {
              + Statement = [
                  + {
                      + Action   = [
                          + "logs:CreateLogStream",
                          + "logs:PutLogEvents",
                        ]
                      + Effect   = "Allow"
                      + Resource = "arn:aws:logs:*:*:*"
                    },
                ]
              + Version   = "2012-10-17"
            }
        )
      + role        = (known after apply)
    }

  # aws_iam_role_policy_attachment.lambda_invoke_attachment will be created
  + resource "aws_iam_role_policy_attachment" "lambda_invoke_attachment" {
      + id         = (known after apply)
      + policy_arn = (known after apply)
      + role       = "lambda_invocation_role"
    }

  # aws_lambda_function.venmo_lambda will be created
  + resource "aws_lambda_function" "venmo_lambda" {
      + architectures                  = (known after apply)
      + arn                            = (known after apply)
      + code_sha256                    = (known after apply)
      + filename                       = "./handler.zip"
      + function_name                  = "VenmoActionLambda"
      + handler                        = "handler.handler"
      + id                             = (known after apply)
      + invoke_arn                     = (known after apply)
      + last_modified                  = (known after apply)
      + memory_size                    = 128
      + package_type                   = "Zip"
      + publish                        = false
      + qualified_arn                  = (known after apply)
      + qualified_invoke_arn           = (known after apply)
      + reserved_concurrent_executions = -1
      + role                           = (known after apply)
      + runtime                        = "python3.11"
      + signing_job_arn                = (known after apply)
      + signing_profile_version_arn    = (known after apply)
      + skip_destroy                   = false
      + source_code_hash               = "e34c59d2d600fb86e12c9b79505988d88e5198ccf661eae565a6819c67e80fc2"
      + source_code_size               = (known after apply)
      + tags_all                       = {
          + "Project"   = "venmo_automation"
          + "Terraform" = "true"
        }
      + timeout                        = 3
      + version                        = (known after apply)

      + environment {
          + variables = {
              + "VENMO_AUTH_TOKEN" = "terraform"
            }
        }

      + ephemeral_storage (known after apply)

      + logging_config (known after apply)

      + tracing_config (known after apply)
    }

  # aws_scheduler_schedule.venmo_action_schedule["ExamplePayment"] will be created
  + resource "aws_scheduler_schedule" "venmo_action_schedule" {
      + arn                          = (known after apply)
      + description                  = "Schedule for monthly payment"
      + group_name                   = (known after apply)
      + id                           = (known after apply)
      + name                         = "ExamplePayment"
      + name_prefix                  = (known after apply)
      + schedule_expression          = "cron(0 9 1 * ? *)"
      + schedule_expression_timezone = "America/Denver"
      + state                        = "ENABLED"

      + flexible_time_window {
          + maximum_window_in_minutes = 15
          + mode                      = "FLEXIBLE"
        }

      + target {
          + arn      = (known after apply)
          + input    = jsonencode(
                {
                  + action              = "payment"
                  + amount              = 20
                  + note                = "Here's some moneys"
                  + recipient_user_name = "Matthew-Rice-26"
                }
            )
          + role_arn = (known after apply)

          + retry_policy {
              + maximum_event_age_in_seconds = 86400
              + maximum_retry_attempts       = 5
            }
        }
    }

  # aws_scheduler_schedule.venmo_action_schedule["ExampleRequest"] will be created
  + resource "aws_scheduler_schedule" "venmo_action_schedule" {
      + arn                          = (known after apply)
      + description                  = "Schedule for monthly request"
      + group_name                   = (known after apply)
      + id                           = (known after apply)
      + name                         = "ExampleRequest"
      + name_prefix                  = (known after apply)
      + schedule_expression          = "cron(0 13 3 * ? *)"
      + schedule_expression_timezone = "America/Denver"
      + state                        = "ENABLED"

      + flexible_time_window {
          + maximum_window_in_minutes = 15
          + mode                      = "FLEXIBLE"
        }

      + target {
          + arn      = (known after apply)
          + input    = jsonencode(
                {
                  + action              = "request"
                  + amount              = 20
                  + note                = "Please pay me"
                  + recipient_user_name = "Matthew-Rice-26"
                }
            )
          + role_arn = (known after apply)

          + retry_policy {
              + maximum_event_age_in_seconds = 86400
              + maximum_retry_attempts       = 5
            }
        }
    }

  # aws_scheduler_schedule_group.venmo_schedule_group will be created
  + resource "aws_scheduler_schedule_group" "venmo_schedule_group" {
      + arn                    = (known after apply)
      + creation_date          = (known after apply)
      + id                     = (known after apply)
      + last_modification_date = (known after apply)
      + name                   = "venmo-schedules"
      + name_prefix            = (known after apply)
      + state                  = (known after apply)
      + tags_all               = {
          + "Project"   = "venmo_automation"
          + "Terraform" = "true"
        }
    }

  # aws_sns_topic.lambda_failure_topic will be created
  + resource "aws_sns_topic" "lambda_failure_topic" {
      + arn                         = (known after apply)
      + beginning_archive_time      = (known after apply)
      + content_based_deduplication = false
      + fifo_throughput_scope       = (known after apply)
      + fifo_topic                  = false
      + id                          = (known after apply)
      + name                        = "venmo-lambda-failure-notifications"
      + name_prefix                 = (known after apply)
      + owner                       = (known after apply)
      + policy                      = (known after apply)
      + signature_version           = (known after apply)
      + tags_all                    = {
          + "Project"   = "venmo_automation"
          + "Terraform" = "true"
        }
      + tracing_config              = (known after apply)
    }

  # aws_sns_topic_policy.sns_topic_policy will be created
  + resource "aws_sns_topic_policy" "sns_topic_policy" {
      + arn    = (known after apply)
      + id     = (known after apply)
      + owner  = (known after apply)
      + policy = (known after apply)
    }

  # aws_sns_topic_subscription.lambda_failure_subscription will be created
  + resource "aws_sns_topic_subscription" "lambda_failure_subscription" {
      + arn                             = (known after apply)
      + confirmation_timeout_in_minutes = 1
      + confirmation_was_authenticated  = (known after apply)
      + endpoint                        = "myemail@gmail.com"
      + endpoint_auto_confirms          = false
      + filter_policy_scope             = (known after apply)
      + id                              = (known after apply)
      + owner_id                        = (known after apply)
      + pending_confirmation            = (known after apply)
      + protocol                        = "email"
      + raw_message_delivery            = false
      + topic_arn                       = (known after apply)
    }

Plan: 15 to add, 0 to change, 0 to destroy.
