{
  "version": 4,
  "terraform_version": "1.13.5",
  "serial": 1,
  "lineage": "a842147f-35b2-cf65-d229-0c0aa98e140b",
  "outputs": {
    "aws_region": {
      "value": "us-east-1",
      "type": "string"
    }
  },
  "resources": [
    {
      "mode": "managed",
      "type": "random_id",
      "name": "suffix",
      "provider": "provider[\"registry.terraform.io/hashicorp/random\"]",
      "instances": [
        {
          "schema_version": 0,
          "attributes": {
            "b64_std": "rP+1jA==",
            "b64_url": "rP-1jA",
            "byte_length": 4,
            "dec": "2902439308",
            "hex": "acffb58c",
            "id": "rP-1jA",
            "keepers": null,
            "prefix": null
          },
          "sensitive_attributes": [],
          "identity_schema_version": 0
        }
      ]
    }
  ],
  "check_results": null
}
