data.aws_caller_identity.current: Reading...
data.aws_caller_identity.current: Read complete after 0s [id=000000000000]

Terraform used the selected providers to generate the following execution
plan. Resource actions are indicated with the following symbols:
  + create

Terraform will perform the following actions:

  # aws_iam_group.group will be created
  + resource "aws_iam_group" "group" {
      + arn       = (known after apply)
      + id        = (known after apply)
      + name      = "energi-node"
      + path      = "/"
      + unique_id = (known after apply)
    }

  # aws_iam_group_policy_attachment.group_assume_role will be created
  + resource "aws_iam_group_policy_attachment" "group_assume_role" {
      + group      = "energi-node"
      + id         = (known after apply)
      + policy_arn = (known after apply)
    }

  # aws_iam_policy.assume_role will be created
  + resource "aws_iam_policy" "assume_role" {
      + arn              = (known after apply)
      + attachment_count = (known after apply)
      + description      = "Allows sts:AssumeRole on energi-node."
      + id               = (known after apply)
      + name             = "energi-node"
      + name_prefix      = (known after apply)
      + path             = "/"
      + policy           = (known after apply)
      + policy_id        = (known after apply)
      + tags_all         = {
          + "Managed" = "terraform"
          + "Project" = "energi-node"
        }
    }

  # aws_iam_role.assumable will be created
  + resource "aws_iam_role" "assumable" {
      + arn                   = (known after apply)
      + assume_role_policy    = jsonencode(
            {
              + Statement = [
                  + {
                      + Action    = "sts:AssumeRole"
                      + Effect    = "Allow"
                      + Principal = {
                          + AWS = "arn:aws:iam::000000000000:root"
                        }
                      + Sid       = "AllowAssumeFromSameAccount"
                    },
                ]
              + Version   = "2012-10-17"
            }
        )
      + create_date           = (known after apply)
      + force_detach_policies = false
      + id                    = (known after apply)
      + managed_policy_arns   = (known after apply)
      + max_session_duration  = 3600
      + name                  = "energi-node"
      + name_prefix           = (known after apply)
      + path                  = "/"
      + tags_all              = {
          + "Managed" = "terraform"
          + "Project" = "energi-node"
        }
      + unique_id             = (known after apply)

      + inline_policy (known after apply)
    }

  # aws_iam_user.user will be created
  + resource "aws_iam_user" "user" {
      + arn           = (known after apply)
      + force_destroy = false
      + id            = (known after apply)
      + name          = "energi-node"
      + path          = "/"
      + tags_all      = {
          + "Managed" = "terraform"
          + "Project" = "energi-node"
        }
      + unique_id     = (known after apply)
    }

  # aws_iam_user_group_membership.user_membership will be created
  + resource "aws_iam_user_group_membership" "user_membership" {
      + groups = [
          + "energi-node",
        ]
      + id     = (known after apply)
      + user   = "energi-node"
    }

Plan: 6 to add, 0 to change, 0 to destroy.

Changes to Outputs:
  + iam_group_name = "energi-node"
  + iam_policy_arn = (known after apply)
  + iam_role_arn   = (known after apply)
  + iam_role_name  = "energi-node"
  + iam_user_name  = "energi-node"
aws_iam_group.group: Creating...
aws_iam_user.user: Creating...
aws_iam_role.assumable: Creating...
aws_iam_user.user: Creation complete after 1s [id=energi-node]
aws_iam_group.group: Creation complete after 1s [id=energi-node]
aws_iam_role.assumable: Creation complete after 1s [id=energi-node]
aws_iam_user_group_membership.user_membership: Creating...
aws_iam_policy.assume_role: Creating...
aws_iam_user_group_membership.user_membership: Creation complete after 0s [id=terraform-20260125190921626200000001]
aws_iam_policy.assume_role: Creation complete after 0s [id=arn:aws:iam::000000000000:policy/energi-node]
aws_iam_group_policy_attachment.group_assume_role: Creating...
aws_iam_group_policy_attachment.group_assume_role: Creation complete after 0s [id=energi-node-20260125190921664700000002]

Apply complete! Resources: 6 added, 0 changed, 0 destroyed.

Outputs:

iam_group_name = "energi-node"
iam_policy_arn = "arn:aws:iam::000000000000:policy/energi-node"
iam_role_arn = "arn:aws:iam::000000000000:role/energi-node"
iam_role_name = "energi-node"
iam_user_name = "energi-node"
