{"format_version":"1.2","terraform_version":"1.13.5","variables":{"app_name":{"value":"energi-node"},"aws_region":{"value":"us-east-1"},"name_suffix":{"value":""}},"planned_values":{"outputs":{"iam_group_name":{"sensitive":false,"type":"string","value":"energi-node"},"iam_policy_arn":{"sensitive":false},"iam_role_arn":{"sensitive":false},"iam_role_name":{"sensitive":false,"type":"string","value":"energi-node"},"iam_user_name":{"sensitive":false,"type":"string","value":"energi-node"}},"root_module":{"resources":[{"address":"aws_iam_group.group","mode":"managed","type":"aws_iam_group","name":"group","provider_name":"registry.terraform.io/hashicorp/aws","schema_version":0,"values":{"name":"energi-node","path":"/"},"sensitive_values":{}},{"address":"aws_iam_group_policy_attachment.group_assume_role","mode":"managed","type":"aws_iam_group_policy_attachment","name":"group_assume_role","provider_name":"registry.terraform.io/hashicorp/aws","schema_version":0,"values":{"group":"energi-node"},"sensitive_values":{}},{"address":"aws_iam_policy.assume_role","mode":"managed","type":"aws_iam_policy","name":"assume_role","provider_name":"registry.terraform.io/hashicorp/aws","schema_version":0,"values":{"delay_after_policy_creation_in_ms":null,"description":"Allows sts:AssumeRole on energi-node.","name":"energi-node","path":"/","tags":null,"tags_all":{"Managed":"terraform","Project":"energi-node"}},"sensitive_values":{"tags_all":{}},"identity_schema_version":0,"identity":{"arn":null}},{"address":"aws_iam_role.assumable","mode":"managed","type":"aws_iam_role","name":"assumable","provider_name":"registry.terraform.io/hashicorp/aws","schema_version":0,"values":{"assume_role_policy":"{\"Statement\":[{\"Action\":\"sts:AssumeRole\",\"Effect\":\"Allow\",\"Principal\":{\"AWS\":\"arn:aws:iam::000000000000:root\"},\"Sid\":\"AllowAssumeFromSameAccount\"}],\"Version\":\"2012-10-17\"}","description":null,"force_detach_policies":false,"max_session_duration":3600,"name":"energi-node","path":"/","permissions_boundary":null,"tags":null,"tags_all":{"Managed":"terraform","Project":"energi-node"}},"sensitive_values":{"inline_policy":[],"managed_policy_arns":[],"tags_all":{}},"identity_schema_version":0,"identity":{"account_id":null,"name":null}},{"address":"aws_iam_user.user","mode":"managed","type":"aws_iam_user","name":"user","provider_name":"registry.terraform.io/hashicorp/aws","schema_version":0,"values":{"force_destroy":false,"name":"energi-node","path":"/","permissions_boundary":null,"tags":null,"tags_all":{"Managed":"terraform","Project":"energi-node"}},"sensitive_values":{"tags_all":{}}},{"address":"aws_iam_user_group_membership.user_membership","mode":"managed","type":"aws_iam_user_group_membership","name":"user_membership","provider_name":"registry.terraform.io/hashicorp/aws","schema_version":0,"values":{"groups":["energi-node"],"user":"energi-node"},"sensitive_values":{"groups":[false]}}]}},"resource_changes":[{"address":"aws_iam_group.group","mode":"managed","type":"aws_iam_group","name":"group","provider_name":"registry.terraform.io/hashicorp/aws","change":{"actions":["create"],"before":null,"after":{"name":"energi-node","path":"/"},"after_unknown":{"arn":true,"id":true,"unique_id":true},"before_sensitive":false,"after_sensitive":{}}},{"address":"aws_iam_group_policy_attachment.group_assume_role","mode":"managed","type":"aws_iam_group_policy_attachment","name":"group_assume_role","provider_name":"registry.terraform.io/hashicorp/aws","change":{"actions":["create"],"before":null,"after":{"group":"energi-node"},"after_unknown":{"id":true,"policy_arn":true},"before_sensitive":false,"after_sensitive":{}}},{"address":"aws_iam_policy.assume_role","mode":"managed","type":"aws_iam_policy","name":"assume_role","provider_name":"registry.terraform.io/hashicorp/aws","change":{"actions":["create"],"before":null,"after":{"delay_after_policy_creation_in_ms":null,"description":"Allows sts:AssumeRole on energi-node.","name":"energi-node","path":"/","tags":null,"tags_all":{"Managed":"terraform","Project":"energi-node"}},"after_unknown":{"arn":true,"attachment_count":true,"id":true,"name_prefix":true,"policy":true,"policy_id":true,"tags_all":{}},"before_sensitive":false,"after_sensitive":{"tags_all":{}},"after_identity":{"arn":null}}},{"address":"aws_iam_role.assumable","mode":"managed","type":"aws_iam_role","name":"assumable","provider_name":"registry.terraform.io/hashicorp/aws","change":{"actions":["create"],"before":null,"after":{"assume_role_policy":"{\"Statement\":[{\"Action\":\"sts:AssumeRole\",\"Effect\":\"Allow\",\"Principal\":{\"AWS\":\"arn:aws:iam::000000000000:root\"},\"Sid\":\"AllowAssumeFromSameAccount\"}],\"Version\":\"2012-10-17\"}","description":null,"force_detach_policies":false,"max_session_duration":3600,"name":"energi-node","path":"/","permissions_boundary":null,"tags":null,"tags_all":{"Managed":"terraform","Project":"energi-node"}},"after_unknown":{"arn":true,"create_date":true,"id":true,"inline_policy":true,"managed_policy_arns":true,"name_prefix":true,"tags_all":{},"unique_id":true},"before_sensitive":false,"after_sensitive":{"inline_policy":[],"managed_policy_arns":[],"tags_all":{}},"after_identity":{"account_id":null,"name":null}}},{"address":"aws_iam_user.user","mode":"managed","type":"aws_iam_user","name":"user","provider_name":"registry.terraform.io/hashicorp/aws","change":{"actions":["create"],"before":null,"after":{"force_destroy":false,"name":"energi-node","path":"/","permissions_boundary":null,"tags":null,"tags_all":{"Managed":"terraform","Project":"energi-node"}},"after_unknown":{"arn":true,"id":true,"tags_all":{},"unique_id":true},"before_sensitive":false,"after_sensitive":{"tags_all":{}}}},{"address":"aws_iam_user_group_membership.user_membership","mode":"managed","type":"aws_iam_user_group_membership","name":"user_membership","provider_name":"registry.terraform.io/hashicorp/aws","change":{"actions":["create"],"before":null,"after":{"groups":["energi-node"],"user":"energi-node"},"after_unknown":{"groups":[false],"id":true},"before_sensitive":false,"after_sensitive":{"groups":[false]}}}],"output_changes":{"iam_group_name":{"actions":["create"],"before":null,"after":"energi-node","after_unknown":false,"before_sensitive":false,"after_sensitive":false},"iam_policy_arn":{"actions":["create"],"before":null,"after_unknown":true,"before_sensitive":false,"after_sensitive":false},"iam_role_arn":{"actions":["create"],"before":null,"after_unknown":true,"before_sensitive":false,"after_sensitive":false},"iam_role_name":{"actions":["create"],"before":null,"after":"energi-node","after_unknown":false,"before_sensitive":false,"after_sensitive":false},"iam_user_name":{"actions":["create"],"before":null,"after":"energi-node","after_unknown":false,"before_sensitive":false,"after_sensitive":false}},"prior_state":{"format_version":"1.0","terraform_version":"1.13.5","values":{"outputs":{"iam_group_name":{"sensitive":false,"value":"energi-node","type":"string"},"iam_role_name":{"sensitive":false,"value":"energi-node","type":"string"},"iam_user_name":{"sensitive":false,"value":"energi-node","type":"string"}},"root_module":{"resources":[{"address":"data.aws_caller_identity.current","mode":"data","type":"aws_caller_identity","name":"current","provider_name":"registry.terraform.io/hashicorp/aws","schema_version":0,"values":{"account_id":"000000000000","arn":"arn:aws:iam::000000000000:root","id":"000000000000","user_id":"AKIAIOSFODNN7EXAMPLE"},"sensitive_values":{}}]}}},"configuration":{"provider_config":{"aws":{"name":"aws","full_name":"registry.terraform.io/hashicorp/aws","version_constraint":"\u003e= 5.0.0","expressions":{"default_tags":[{"tags":{"references":["var.app_name"]}}],"region":{"references":["var.aws_region"]}}}},"root_module":{"outputs":{"iam_group_name":{"expression":{"references":["aws_iam_group.group.name","aws_iam_group.group"]},"description":"Name of the IAM group with the assume-role policy attached."},"iam_policy_arn":{"expression":{"references":["aws_iam_policy.assume_role.arn","aws_iam_policy.assume_role"]},"description":"ARN of the policy that allows sts:AssumeRole on the role."},"iam_role_arn":{"expression":{"references":["aws_iam_role.assumable.arn","aws_iam_role.assumable"]},"description":"ARN of the IAM role."},"iam_role_name":{"expression":{"references":["aws_iam_role.assumable.name","aws_iam_role.assumable"]},"description":"Name of the IAM role that can be assumed by same-account principals."},"iam_user_name":{"expression":{"references":["aws_iam_user.user.name","aws_iam_user.user"]},"description":"Name of the IAM user in the group."}},"resources":[{"address":"aws_iam_group.group","mode":"managed","type":"aws_iam_group","name":"group","provider_config_key":"aws","expressions":{"name":{"references":["local.base_name"]}},"schema_version":0},{"address":"aws_iam_group_policy_attachment.group_assume_role","mode":"managed","type":"aws_iam_group_policy_attachment","name":"group_assume_role","provider_config_key":"aws","expressions":{"group":{"references":["aws_iam_group.group.name","aws_iam_group.group"]},"policy_arn":{"references":["aws_iam_policy.assume_role.arn","aws_iam_policy.assume_role"]}},"schema_version":0},{"address":"aws_iam_policy.assume_role","mode":"managed","type":"aws_iam_policy","name":"assume_role","provider_config_key":"aws","expressions":{"description":{"references":["aws_iam_role.assumable.name","aws_iam_role.assumable"]},"name":{"references":["local.base_name"]},"policy":{"references":["aws_iam_role.assumable.arn","aws_iam_role.assumable"]}},"schema_version":0},{"address":"aws_iam_role.assumable","mode":"managed","type":"aws_iam_role","name":"assumable","provider_config_key":"aws","expressions":{"assume_role_policy":{"references":["data.aws_caller_identity.current.account_id","data.aws_caller_identity.current"]},"name":{"references":["local.base_name"]}},"schema_version":0},{"address":"aws_iam_user.user","mode":"managed","type":"aws_iam_user","name":"user","provider_config_key":"aws","expressions":{"name":{"references":["local.base_name"]}},"schema_version":0},{"address":"aws_iam_user_group_membership.user_membership","mode":"managed","type":"aws_iam_user_group_membership","name":"user_membership","provider_config_key":"aws","expressions":{"groups":{"references":["aws_iam_group.group.name","aws_iam_group.group"]},"user":{"references":["aws_iam_user.user.name","aws_iam_user.user"]}},"schema_version":0},{"address":"data.aws_caller_identity.current","mode":"data","type":"aws_caller_identity","name":"current","provider_config_key":"aws","schema_version":0}],"variables":{"app_name":{"default":"energi-node","description":"Base name used for created resources."},"aws_region":{"default":"us-east-1","description":"AWS region to deploy into."},"name_suffix":{"default":"","description":"Optional suffix appended to IAM entity names (e.g., 'prod', 'ci')."}}}},"relevant_attributes":[{"resource":"aws_iam_group.group","attribute":["name"]},{"resource":"aws_iam_policy.assume_role","attribute":["arn"]},{"resource":"aws_iam_role.assumable","attribute":["name"]},{"resource":"data.aws_caller_identity.current","attribute":["account_id"]},{"resource":"aws_iam_user.user","attribute":["name"]},{"resource":"aws_iam_role.assumable","attribute":["arn"]}],"timestamp":"2026-01-25T19:09:16Z","applyable":true,"complete":true,"errored":false}
