data.aws_region.current: Reading...
data.aws_vpc.default: Reading...
aws_cloudwatch_log_group.this: Refreshing state... [id=/ecs/node-hello]
aws_iam_role.task_execution: Refreshing state... [id=node-hello-ecs-task-exec]
aws_ecs_cluster.this: Refreshing state... [id=arn:aws:ecs:us-east-1:000000000000:cluster/node-hello-cluster]
data.aws_region.current: Read complete after 0s [id=us-east-1]
aws_iam_role_policy_attachment.task_execution: Refreshing state... [id=node-hello-ecs-task-exec-20260127083607887800000001]
aws_ecs_task_definition.this: Refreshing state... [id=node-hello]
data.aws_vpc.default: Read complete after 0s [id=vpc-2e42cc7eb6e0dc5d9]
data.aws_subnets.default: Reading...
aws_security_group.alb: Refreshing state... [id=sg-f0ec4931441e8d2a2]
aws_lb_target_group.this: Refreshing state... [id=arn:aws:elasticloadbalancing:us-east-1:000000000000:targetgroup/node-hello-tg/967dfd3840d3a38d]
data.aws_subnets.default: Read complete after 0s [id=us-east-1]
aws_security_group.service: Refreshing state... [id=sg-ad9a55f76b976f3d9]
aws_lb.this: Refreshing state... [id=arn:aws:elasticloadbalancing:us-east-1:000000000000:loadbalancer/app/node-hello-alb/32d0b76499713039]
aws_lb_listener.http: Refreshing state... [id=arn:aws:elasticloadbalancing:us-east-1:000000000000:listener/app/node-hello-alb/32d0b76499713039/6a97f5154091cf14]
aws_ecs_service.this: Refreshing state... [id=arn:aws:ecs:us-east-1:000000000000:service/node-hello-cluster/node-hello-svc]

Terraform used the selected providers to generate the following execution
plan. Resource actions are indicated with the following symbols:
  ~ update in-place
-/+ destroy and then create replacement

Terraform will perform the following actions:

  # aws_ecs_service.this will be updated in-place
  ~ resource "aws_ecs_service" "this" {
      + availability_zone_rebalancing      = "DISABLED"
        id                                 = "arn:aws:ecs:us-east-1:000000000000:service/node-hello-cluster/node-hello-svc"
        name                               = "node-hello-svc"
        tags                               = {}
      ~ task_definition                    = "arn:aws:ecs:us-east-1:000000000000:task-definition/node-hello:1" -> (known after apply)
        # (14 unchanged attributes hidden)

        # (4 unchanged blocks hidden)
    }

  # aws_ecs_task_definition.this must be replaced
-/+ resource "aws_ecs_task_definition" "this" {
      ~ arn                      = "arn:aws:ecs:us-east-1:000000000000:task-definition/node-hello:1" -> (known after apply)
      ~ arn_without_revision     = "arn:aws:ecs:us-east-1:000000000000:task-definition/node-hello" -> (known after apply)
      ~ container_definitions    = jsonencode(
          ~ [
              ~ {
                  - environment      = []
                  - mountPoints      = []
                    name             = "node-hello"
                  ~ portMappings     = [
                      ~ {
                          - hostPort      = 29204
                            # (2 unchanged attributes hidden)
                        },
                    ]
                  - volumesFrom      = []
                    # (3 unchanged attributes hidden)
                },
            ] # forces replacement
        )
      ~ enable_fault_injection   = false -> (known after apply)
      ~ id                       = "node-hello" -> (known after apply)
      ~ revision                 = 1 -> (known after apply)
      - tags                     = {} -> null
        # (12 unchanged attributes hidden)
    }

  # aws_lb_listener.http will be updated in-place
  ~ resource "aws_lb_listener" "http" {
        id                                                                  = "arn:aws:elasticloadbalancing:us-east-1:000000000000:listener/app/node-hello-alb/32d0b76499713039/6a97f5154091cf14"
      ~ port                                                                = 4566 -> 80
        tags                                                                = {}
        # (16 unchanged attributes hidden)

        # (1 unchanged block hidden)
    }

Plan: 1 to add, 2 to change, 1 to destroy.
