
Terraform used the selected providers to generate the following execution
plan. Resource actions are indicated with the following symbols:
  + create

Terraform will perform the following actions:

  # helm_release.metrics_server will be created
  + resource "helm_release" "metrics_server" {
      + atomic                     = false
      + chart                      = "metrics-server"
      + cleanup_on_fail            = false
      + create_namespace           = true
      + dependency_update          = false
      + disable_crd_hooks          = false
      + disable_openapi_validation = false
      + disable_webhooks           = false
      + force_update               = false
      + id                         = (known after apply)
      + lint                       = false
      + manifest                   = (known after apply)
      + max_history                = 0
      + metadata                   = (known after apply)
      + name                       = "template"
      + namespace                  = "template"
      + pass_credentials           = false
      + recreate_pods              = false
      + render_subchart_notes      = true
      + replace                    = false
      + repository                 = "https://kubernetes-sigs.github.io/metrics-server/"
      + reset_values               = false
      + reuse_values               = false
      + skip_crds                  = false
      + status                     = "deployed"
      + timeout                    = 300
      + values                     = [
          + <<-EOT
                "affinity":
                  "nodeAffinity":
                    "requiredDuringSchedulingIgnoredDuringExecution":
                      "nodeSelectorTerms":
                      - "matchExpressions":
                        - "key": "eks.amazonaws.com/nodegroup"
                          "operator": "In"
                          "values":
                          - "general"
            EOT,
          + jsonencode({}),
        ]
      + verify                     = false
      + version                    = "3.11.0"
      + wait                       = true
      + wait_for_jobs              = false
    }

Plan: 1 to add, 0 to change, 0 to destroy.
