{"format_version":"1.2","terraform_version":"1.13.5","planned_values":{"outputs":{"ecr_repository_url":{"sensitive":false},"load_balancer_dns_name":{"sensitive":false},"private_subnet_id":{"sensitive":false},"public_subnet1_id":{"sensitive":false},"public_subnet2_id":{"sensitive":false},"security_group_allow_all_id":{"sensitive":false},"security_group_allow_http_id":{"sensitive":false},"vpc_id":{"sensitive":false}},"root_module":{"resources":[{"address":"aws_cloudwatch_log_group.axum_log_group","mode":"managed","type":"aws_cloudwatch_log_group","name":"axum_log_group","provider_name":"registry.terraform.io/hashicorp/aws","schema_version":0,"values":{"kms_key_id":null,"name":"/ecs/axum-service","region":"ap-northeast-1","retention_in_days":0,"skip_destroy":false,"tags":null},"sensitive_values":{"tags_all":{}},"identity_schema_version":0,"identity":{"account_id":null,"name":null,"region":null}},{"address":"aws_codedeploy_app.axum_app","mode":"managed","type":"aws_codedeploy_app","name":"axum_app","provider_name":"registry.terraform.io/hashicorp/aws","schema_version":0,"values":{"compute_platform":"ECS","name":"axum-app","region":"ap-northeast-1","tags":null},"sensitive_values":{"tags_all":{}}},{"address":"aws_codedeploy_deployment_group.axum_group","mode":"managed","type":"aws_codedeploy_deployment_group","name":"axum_group","provider_name":"registry.terraform.io/hashicorp/aws","schema_version":0,"values":{"alarm_configuration":[],"app_name":"axum-app","auto_rollback_configuration":[],"autoscaling_groups":null,"blue_green_deployment_config":[{"deployment_ready_option":[{"action_on_timeout":"CONTINUE_DEPLOYMENT","wait_time_in_minutes":0}],"terminate_blue_instances_on_deployment_success":[{"action":"TERMINATE","termination_wait_time_in_minutes":5}]}],"deployment_config_name":"CodeDeployDefault.ECSAllAtOnce","deployment_group_name":"axum-group","deployment_style":[{"deployment_option":"WITH_TRAFFIC_CONTROL","deployment_type":"BLUE_GREEN"}],"ec2_tag_filter":[],"ec2_tag_set":[],"ecs_service":[{"cluster_name":"axum-cluster","service_name":"axum-service"}],"load_balancer_info":[{"elb_info":[],"target_group_info":[],"target_group_pair_info":[{"prod_traffic_route":[{}],"target_group":[{"name":"axum-tg"},{"name":"axum-tg-green"}],"test_traffic_route":[{}]}]}],"on_premises_instance_tag_filter":[],"outdated_instances_strategy":"UPDATE","region":"ap-northeast-1","tags":null,"termination_hook_enabled":false,"trigger_configuration":[{"trigger_events":["DeploymentFailure"],"trigger_name":"axum-trigger"}]},"sensitive_values":{"alarm_configuration":[],"auto_rollback_configuration":[],"blue_green_deployment_config":[{"deployment_ready_option":[{}],"green_fleet_provisioning_option":[],"terminate_blue_instances_on_deployment_success":[{}]}],"deployment_style":[{}],"ec2_tag_filter":[],"ec2_tag_set":[],"ecs_service":[{}],"load_balancer_info":[{"elb_info":[],"target_group_info":[],"target_group_pair_info":[{"prod_traffic_route":[{"listener_arns":[]}],"target_group":[{},{}],"test_traffic_route":[{"listener_arns":[]}]}]}],"on_premises_instance_tag_filter":[],"tags_all":{},"trigger_configuration":[{"trigger_events":[false]}]}},{"address":"aws_ecr_repository.axum_app","mode":"managed","type":"aws_ecr_repository","name":"axum_app","provider_name":"registry.terraform.io/hashicorp/aws","schema_version":0,"values":{"encryption_configuration":[],"force_delete":null,"image_scanning_configuration":[],"image_tag_mutability":"MUTABLE","image_tag_mutability_exclusion_filter":[],"name":"axum-app","region":"ap-northeast-1","tags":null,"timeouts":null},"sensitive_values":{"encryption_configuration":[],"image_scanning_configuration":[],"image_tag_mutability_exclusion_filter":[],"tags_all":{}},"identity_schema_version":0,"identity":{"account_id":null,"name":null,"region":null}},{"address":"aws_ecs_cluster.main","mode":"managed","type":"aws_ecs_cluster","name":"main","provider_name":"registry.terraform.io/hashicorp/aws","schema_version":0,"values":{"configuration":[],"name":"axum-cluster","region":"ap-northeast-1","service_connect_defaults":[],"tags":null},"sensitive_values":{"configuration":[],"service_connect_defaults":[],"setting":[],"tags_all":{}}},{"address":"aws_ecs_service.axum_service","mode":"managed","type":"aws_ecs_service","name":"axum_service","provider_name":"registry.terraform.io/hashicorp/aws","schema_version":1,"values":{"alarms":[],"capacity_provider_strategy":[],"deployment_circuit_breaker":[],"deployment_controller":[{"type":"CODE_DEPLOY"}],"deployment_maximum_percent":200,"deployment_minimum_healthy_percent":100,"desired_count":1,"enable_ecs_managed_tags":false,"enable_execute_command":false,"force_delete":null,"force_new_deployment":null,"health_check_grace_period_seconds":null,"launch_type":"FARGATE","load_balancer":[{"advanced_configuration":[],"container_name":"axum-app","container_port":80,"elb_name":""}],"name":"axum-service","network_configuration":[{"assign_public_ip":true}],"ordered_placement_strategy":[],"placement_constraints":[],"propagate_tags":null,"region":"ap-northeast-1","scheduling_strategy":"REPLICA","service_connect_configuration":[],"service_registries":[],"sigint_rollback":null,"tags":null,"timeouts":null,"volume_configuration":[],"vpc_lattice_configurations":[],"wait_for_steady_state":false},"sensitive_values":{"alarms":[],"capacity_provider_strategy":[],"deployment_circuit_breaker":[],"deployment_configuration":[],"deployment_controller":[{}],"load_balancer":[{"advanced_configuration":[]}],"network_configuration":[{"security_groups":[],"subnets":[]}],"ordered_placement_strategy":[],"placement_constraints":[],"service_connect_configuration":[],"service_registries":[],"tags_all":{},"triggers":{},"volume_configuration":[],"vpc_lattice_configurations":[]}},{"address":"aws_ecs_task_definition.axum_task","mode":"managed","type":"aws_ecs_task_definition","name":"axum_task","provider_name":"registry.terraform.io/hashicorp/aws","schema_version":1,"values":{"container_definitions":"[{\"cpu\":256,\"essential\":true,\"image\":\"httpd:latest\",\"logConfiguration\":{\"logDriver\":\"awslogs\",\"options\":{\"awslogs-group\":\"/ecs/axum-service\",\"awslogs-region\":\"ap-northeast-1\",\"awslogs-stream-prefix\":\"ecs\"}},\"memory\":512,\"name\":\"axum-app\",\"portMappings\":[{\"containerPort\":80,\"protocol\":\"tcp\"}]}]","cpu":"256","ephemeral_storage":[],"family":"axum-task","ipc_mode":null,"memory":"512","network_mode":"awsvpc","pid_mode":null,"placement_constraints":[],"proxy_configuration":[],"region":"ap-northeast-1","requires_compatibilities":["FARGATE"],"runtime_platform":[],"skip_destroy":false,"tags":null,"task_role_arn":null,"track_latest":false,"volume":[]},"sensitive_values":{"ephemeral_storage":[],"placement_constraints":[],"proxy_configuration":[],"requires_compatibilities":[false],"runtime_platform":[],"tags_all":{},"volume":[]}},{"address":"aws_iam_role.codedeploy_service_role","mode":"managed","type":"aws_iam_role","name":"codedeploy_service_role","provider_name":"registry.terraform.io/hashicorp/aws","schema_version":0,"values":{"assume_role_policy":"{\"Statement\":[{\"Action\":\"sts:AssumeRole\",\"Effect\":\"Allow\",\"Principal\":{\"Service\":\"codedeploy.amazonaws.com\"}}],\"Version\":\"2012-10-17\"}","description":null,"force_detach_policies":false,"max_session_duration":3600,"name":"codedeploy-service-role","path":"/","permissions_boundary":null,"tags":null},"sensitive_values":{"inline_policy":[],"managed_policy_arns":[],"tags_all":{}},"identity_schema_version":0,"identity":{"account_id":null,"name":null}},{"address":"aws_iam_role.execution_role","mode":"managed","type":"aws_iam_role","name":"execution_role","provider_name":"registry.terraform.io/hashicorp/aws","schema_version":0,"values":{"assume_role_policy":"{\"Statement\":[{\"Action\":\"sts:AssumeRole\",\"Effect\":\"Allow\",\"Principal\":{\"Service\":\"ecs-tasks.amazonaws.com\"}}],\"Version\":\"2012-10-17\"}","description":null,"force_detach_policies":false,"max_session_duration":3600,"name":"axum_task_execution_role","path":"/","permissions_boundary":null,"tags":null},"sensitive_values":{"inline_policy":[],"managed_policy_arns":[],"tags_all":{}},"identity_schema_version":0,"identity":{"account_id":null,"name":null}},{"address":"aws_iam_role_policy_attachment.codedeploy_service_role_policy_attachment","mode":"managed","type":"aws_iam_role_policy_attachment","name":"codedeploy_service_role_policy_attachment","provider_name":"registry.terraform.io/hashicorp/aws","schema_version":0,"values":{"policy_arn":"arn:aws:iam::aws:policy/AWSCodeDeployRoleForECS","role":"codedeploy-service-role"},"sensitive_values":{},"identity_schema_version":0,"identity":{"account_id":null,"policy_arn":null,"role":null}},{"address":"aws_iam_role_policy_attachment.execution_role_policy_attachment","mode":"managed","type":"aws_iam_role_policy_attachment","name":"execution_role_policy_attachment","provider_name":"registry.terraform.io/hashicorp/aws","schema_version":0,"values":{"policy_arn":"arn:aws:iam::aws:policy/service-role/AmazonECSTaskExecutionRolePolicy","role":"axum_task_execution_role"},"sensitive_values":{},"identity_schema_version":0,"identity":{"account_id":null,"policy_arn":null,"role":null}},{"address":"aws_internet_gateway.igw","mode":"managed","type":"aws_internet_gateway","name":"igw","provider_name":"registry.terraform.io/hashicorp/aws","schema_version":0,"values":{"region":"ap-northeast-1","tags":null,"timeouts":null},"sensitive_values":{"tags_all":{}}},{"address":"aws_lb.axum_lb","mode":"managed","type":"aws_lb","name":"axum_lb","provider_name":"registry.terraform.io/hashicorp/aws","schema_version":0,"values":{"access_logs":[],"client_keep_alive":3600,"connection_logs":[],"customer_owned_ipv4_pool":null,"desync_mitigation_mode":"defensive","dns_record_client_routing_policy":null,"drop_invalid_header_fields":false,"enable_cross_zone_load_balancing":null,"enable_deletion_protection":false,"enable_http2":true,"enable_tls_version_and_cipher_suite_headers":false,"enable_waf_fail_open":false,"enable_xff_client_port":false,"enable_zonal_shift":false,"health_check_logs":[],"idle_timeout":60,"internal":false,"ipam_pools":[],"load_balancer_type":"application","minimum_load_balancer_capacity":[],"name":"axum-lb","preserve_host_header":false,"region":"ap-northeast-1","tags":{"Name":"axum-lb"},"tags_all":{"Name":"axum-lb"},"timeouts":null,"xff_header_processing_mode":"append"},"sensitive_values":{"access_logs":[],"connection_logs":[],"health_check_logs":[],"ipam_pools":[],"minimum_load_balancer_capacity":[],"security_groups":[],"subnet_mapping":[],"subnets":[],"tags":{},"tags_all":{}},"identity_schema_version":0,"identity":{"arn":null}},{"address":"aws_lb_listener.front_end","mode":"managed","type":"aws_lb_listener","name":"front_end","provider_name":"registry.terraform.io/hashicorp/aws","schema_version":0,"values":{"alpn_policy":null,"certificate_arn":null,"default_action":[{"authenticate_cognito":[],"authenticate_oidc":[],"fixed_response":[],"forward":[],"jwt_validation":[],"redirect":[],"type":"forward"}],"port":80,"protocol":"HTTP","region":"ap-northeast-1","tags":null,"timeouts":null},"sensitive_values":{"default_action":[{"authenticate_cognito":[],"authenticate_oidc":[],"fixed_response":[],"forward":[],"jwt_validation":[],"redirect":[]}],"mutual_authentication":[],"tags_all":{}},"identity_schema_version":0,"identity":{"arn":null}},{"address":"aws_lb_listener.front_end_green","mode":"managed","type":"aws_lb_listener","name":"front_end_green","provider_name":"registry.terraform.io/hashicorp/aws","schema_version":0,"values":{"alpn_policy":null,"certificate_arn":null,"default_action":[{"authenticate_cognito":[],"authenticate_oidc":[],"fixed_response":[],"forward":[],"jwt_validation":[],"redirect":[],"type":"forward"}],"port":81,"protocol":"HTTP","region":"ap-northeast-1","tags":null,"timeouts":null},"sensitive_values":{"default_action":[{"authenticate_cognito":[],"authenticate_oidc":[],"fixed_response":[],"forward":[],"jwt_validation":[],"redirect":[]}],"mutual_authentication":[],"tags_all":{}},"identity_schema_version":0,"identity":{"arn":null}},{"address":"aws_lb_listener_rule.test_path_rule","mode":"managed","type":"aws_lb_listener_rule","name":"test_path_rule","provider_name":"registry.terraform.io/hashicorp/aws","schema_version":0,"values":{"action":[{"authenticate_cognito":[],"authenticate_oidc":[],"fixed_response":[{"content_type":"text/plain","message_body":"This is a test response","status_code":"200"}],"forward":[],"jwt_validation":[],"redirect":[],"target_group_arn":null,"type":"fixed-response"}],"condition":[{"host_header":[],"http_header":[],"http_request_method":[],"path_pattern":[{"regex_values":[],"values":["/test"]}],"query_string":[],"source_ip":[]}],"priority":10,"region":"ap-northeast-1","tags":null,"transform":[]},"sensitive_values":{"action":[{"authenticate_cognito":[],"authenticate_oidc":[],"fixed_response":[{}],"forward":[],"jwt_validation":[],"redirect":[]}],"condition":[{"host_header":[],"http_header":[],"http_request_method":[],"path_pattern":[{"regex_values":[],"values":[false]}],"query_string":[],"source_ip":[]}],"tags_all":{},"transform":[]},"identity_schema_version":0,"identity":{"arn":null}},{"address":"aws_lb_target_group.axum_tg","mode":"managed","type":"aws_lb_target_group","name":"axum_tg","provider_name":"registry.terraform.io/hashicorp/aws","schema_version":0,"values":{"deregistration_delay":"300","health_check":[{"enabled":true,"healthy_threshold":2,"interval":30,"matcher":"200","path":"/","port":"80","protocol":"HTTP","timeout":3,"unhealthy_threshold":2}],"lambda_multi_value_headers_enabled":false,"name":"axum-tg","port":80,"protocol":"HTTP","proxy_protocol_v2":false,"region":"ap-northeast-1","slow_start":0,"tags":null,"target_control_port":null,"target_type":"ip"},"sensitive_values":{"health_check":[{}],"load_balancer_arns":[],"stickiness":[],"tags_all":{},"target_failover":[],"target_group_health":[],"target_health_state":[]},"identity_schema_version":0,"identity":{"arn":null}},{"address":"aws_lb_target_group.axum_tg_green","mode":"managed","type":"aws_lb_target_group","name":"axum_tg_green","provider_name":"registry.terraform.io/hashicorp/aws","schema_version":0,"values":{"deregistration_delay":"300","health_check":[{"enabled":true,"healthy_threshold":2,"interval":30,"matcher":"200","path":"/","port":"80","protocol":"HTTP","timeout":3,"unhealthy_threshold":2}],"lambda_multi_value_headers_enabled":false,"name":"axum-tg-green","port":80,"protocol":"HTTP","proxy_protocol_v2":false,"region":"ap-northeast-1","slow_start":0,"tags":null,"target_control_port":null,"target_type":"ip"},"sensitive_values":{"health_check":[{}],"load_balancer_arns":[],"stickiness":[],"tags_all":{},"target_failover":[],"target_group_health":[],"target_health_state":[]},"identity_schema_version":0,"identity":{"arn":null}},{"address":"aws_main_route_table_association.axum_service_public_association","mode":"managed","type":"aws_main_route_table_association","name":"axum_service_public_association","provider_name":"registry.terraform.io/hashicorp/aws","schema_version":0,"values":{"region":"ap-northeast-1","timeouts":null},"sensitive_values":{}},{"address":"aws_route_table.public","mode":"managed","type":"aws_route_table","name":"public","provider_name":"registry.terraform.io/hashicorp/aws","schema_version":0,"values":{"region":"ap-northeast-1","route":[{"carrier_gateway_id":"","cidr_block":"0.0.0.0/0","core_network_arn":"","destination_prefix_list_id":"","egress_only_gateway_id":"","ipv6_cidr_block":"","local_gateway_id":"","nat_gateway_id":"","network_interface_id":"","transit_gateway_id":"","vpc_endpoint_id":"","vpc_peering_connection_id":""}],"tags":null,"timeouts":null},"sensitive_values":{"propagating_vgws":[],"route":[{}],"tags_all":{}},"identity_schema_version":0,"identity":{"account_id":null,"id":null,"region":null}},{"address":"aws_security_group.allow_all","mode":"managed","type":"aws_security_group","name":"allow_all","provider_name":"registry.terraform.io/hashicorp/aws","schema_version":1,"values":{"description":"Managed by Terraform","egress":[{"cidr_blocks":["0.0.0.0/0"],"description":"","from_port":0,"ipv6_cidr_blocks":[],"prefix_list_ids":[],"protocol":"-1","security_groups":[],"self":false,"to_port":0}],"ingress":[{"cidr_blocks":["0.0.0.0/0"],"description":"","from_port":80,"ipv6_cidr_blocks":[],"prefix_list_ids":[],"protocol":"tcp","security_groups":[],"self":false,"to_port":80}],"name":"allow_all","region":"ap-northeast-1","revoke_rules_on_delete":false,"tags":null,"timeouts":null},"sensitive_values":{"egress":[{"cidr_blocks":[false],"ipv6_cidr_blocks":[],"prefix_list_ids":[],"security_groups":[]}],"ingress":[{"cidr_blocks":[false],"ipv6_cidr_blocks":[],"prefix_list_ids":[],"security_groups":[]}],"tags_all":{}},"identity_schema_version":0,"identity":{"account_id":null,"id":null,"region":null}},{"address":"aws_security_group.allow_http","mode":"managed","type":"aws_security_group","name":"allow_http","provider_name":"registry.terraform.io/hashicorp/aws","schema_version":1,"values":{"description":"Managed by Terraform","egress":[{"cidr_blocks":["0.0.0.0/0"],"description":"","from_port":0,"ipv6_cidr_blocks":[],"prefix_list_ids":[],"protocol":"-1","security_groups":[],"self":false,"to_port":0}],"ingress":[{"cidr_blocks":["0.0.0.0/0"],"description":"","from_port":80,"ipv6_cidr_blocks":[],"prefix_list_ids":[],"protocol":"tcp","security_groups":[],"self":false,"to_port":80}],"name":"allow_http","region":"ap-northeast-1","revoke_rules_on_delete":false,"tags":null,"timeouts":null},"sensitive_values":{"egress":[{"cidr_blocks":[false],"ipv6_cidr_blocks":[],"prefix_list_ids":[],"security_groups":[]}],"ingress":[{"cidr_blocks":[false],"ipv6_cidr_blocks":[],"prefix_list_ids":[],"security_groups":[]}],"tags_all":{}},"identity_schema_version":0,"identity":{"account_id":null,"id":null,"region":null}},{"address":"aws_sns_topic.axum_topic","mode":"managed","type":"aws_sns_topic","name":"axum_topic","provider_name":"registry.terraform.io/hashicorp/aws","schema_version":0,"values":{"application_failure_feedback_role_arn":null,"application_success_feedback_role_arn":null,"application_success_feedback_sample_rate":null,"archive_policy":null,"content_based_deduplication":false,"delivery_policy":null,"display_name":null,"fifo_topic":false,"firehose_failure_feedback_role_arn":null,"firehose_success_feedback_role_arn":null,"firehose_success_feedback_sample_rate":null,"http_failure_feedback_role_arn":null,"http_success_feedback_role_arn":null,"http_success_feedback_sample_rate":null,"kms_master_key_id":null,"lambda_failure_feedback_role_arn":null,"lambda_success_feedback_role_arn":null,"lambda_success_feedback_sample_rate":null,"name":"axum-topic","region":"ap-northeast-1","sqs_failure_feedback_role_arn":null,"sqs_success_feedback_role_arn":null,"sqs_success_feedback_sample_rate":null,"tags":null},"sensitive_values":{"tags_all":{}},"identity_schema_version":0,"identity":{"arn":null}},{"address":"aws_subnet.private","mode":"managed","type":"aws_subnet","name":"private","provider_name":"registry.terraform.io/hashicorp/aws","schema_version":1,"values":{"assign_ipv6_address_on_creation":false,"cidr_block":"10.0.1.0/24","customer_owned_ipv4_pool":null,"enable_dns64":false,"enable_lni_at_device_index":null,"enable_resource_name_dns_a_record_on_launch":false,"enable_resource_name_dns_aaaa_record_on_launch":false,"ipv6_cidr_block":null,"ipv6_native":false,"map_customer_owned_ip_on_launch":null,"map_public_ip_on_launch":false,"outpost_arn":null,"region":"ap-northeast-1","tags":null,"timeouts":null},"sensitive_values":{"tags_all":{}},"identity_schema_version":0,"identity":{"account_id":null,"id":null,"region":null}},{"address":"aws_subnet.public1","mode":"managed","type":"aws_subnet","name":"public1","provider_name":"registry.terraform.io/hashicorp/aws","schema_version":1,"values":{"assign_ipv6_address_on_creation":false,"availability_zone":"ap-northeast-1a","cidr_block":"10.0.2.0/24","customer_owned_ipv4_pool":null,"enable_dns64":false,"enable_lni_at_device_index":null,"enable_resource_name_dns_a_record_on_launch":false,"enable_resource_name_dns_aaaa_record_on_launch":false,"ipv6_cidr_block":null,"ipv6_native":false,"map_customer_owned_ip_on_launch":null,"map_public_ip_on_launch":false,"outpost_arn":null,"region":"ap-northeast-1","tags":null,"timeouts":null},"sensitive_values":{"tags_all":{}},"identity_schema_version":0,"identity":{"account_id":null,"id":null,"region":null}},{"address":"aws_subnet.public2","mode":"managed","type":"aws_subnet","name":"public2","provider_name":"registry.terraform.io/hashicorp/aws","schema_version":1,"values":{"assign_ipv6_address_on_creation":false,"availability_zone":"ap-northeast-1c","cidr_block":"10.0.3.0/24","customer_owned_ipv4_pool":null,"enable_dns64":false,"enable_lni_at_device_index":null,"enable_resource_name_dns_a_record_on_launch":false,"enable_resource_name_dns_aaaa_record_on_launch":false,"ipv6_cidr_block":null,"ipv6_native":false,"map_customer_owned_ip_on_launch":null,"map_public_ip_on_launch":false,"outpost_arn":null,"region":"ap-northeast-1","tags":null,"timeouts":null},"sensitive_values":{"tags_all":{}},"identity_schema_version":0,"identity":{"account_id":null,"id":null,"region":null}},{"address":"aws_vpc.main","mode":"managed","type":"aws_vpc","name":"main","provider_name":"registry.terraform.io/hashicorp/aws","schema_version":1,"values":{"assign_generated_ipv6_cidr_block":null,"cidr_block":"10.0.0.0/16","enable_dns_support":true,"instance_tenancy":"default","ipv4_ipam_pool_id":null,"ipv4_netmask_length":null,"ipv6_ipam_pool_id":null,"ipv6_netmask_length":null,"region":"ap-northeast-1","tags":null},"sensitive_values":{"tags_all":{}},"identity_schema_version":0,"identity":{"account_id":null,"id":null,"region":null}}]}},"resource_changes":[{"address":"aws_cloudwatch_log_group.axum_log_group","mode":"managed","type":"aws_cloudwatch_log_group","name":"axum_log_group","provider_name":"registry.terraform.io/hashicorp/aws","change":{"actions":["create"],"before":null,"after":{"kms_key_id":null,"name":"/ecs/axum-service","region":"ap-northeast-1","retention_in_days":0,"skip_destroy":false,"tags":null},"after_unknown":{"arn":true,"deletion_protection_enabled":true,"id":true,"log_group_class":true,"name_prefix":true,"tags_all":true},"before_sensitive":false,"after_sensitive":{"tags_all":{}},"after_identity":{"account_id":null,"name":null,"region":null}}},{"address":"aws_codedeploy_app.axum_app","mode":"managed","type":"aws_codedeploy_app","name":"axum_app","provider_name":"registry.terraform.io/hashicorp/aws","change":{"actions":["create"],"before":null,"after":{"compute_platform":"ECS","name":"axum-app","region":"ap-northeast-1","tags":null},"after_unknown":{"application_id":true,"arn":true,"github_account_name":true,"id":true,"linked_to_github":true,"tags_all":true},"before_sensitive":false,"after_sensitive":{"tags_all":{}}}},{"address":"aws_codedeploy_deployment_group.axum_group","mode":"managed","type":"aws_codedeploy_deployment_group","name":"axum_group","provider_name":"registry.terraform.io/hashicorp/aws","change":{"actions":["create"],"before":null,"after":{"alarm_configuration":[],"app_name":"axum-app","auto_rollback_configuration":[],"autoscaling_groups":null,"blue_green_deployment_config":[{"deployment_ready_option":[{"action_on_timeout":"CONTINUE_DEPLOYMENT","wait_time_in_minutes":0}],"terminate_blue_instances_on_deployment_success":[{"action":"TERMINATE","termination_wait_time_in_minutes":5}]}],"deployment_config_name":"CodeDeployDefault.ECSAllAtOnce","deployment_group_name":"axum-group","deployment_style":[{"deployment_option":"WITH_TRAFFIC_CONTROL","deployment_type":"BLUE_GREEN"}],"ec2_tag_filter":[],"ec2_tag_set":[],"ecs_service":[{"cluster_name":"axum-cluster","service_name":"axum-service"}],"load_balancer_info":[{"elb_info":[],"target_group_info":[],"target_group_pair_info":[{"prod_traffic_route":[{}],"target_group":[{"name":"axum-tg"},{"name":"axum-tg-green"}],"test_traffic_route":[{}]}]}],"on_premises_instance_tag_filter":[],"outdated_instances_strategy":"UPDATE","region":"ap-northeast-1","tags":null,"termination_hook_enabled":false,"trigger_configuration":[{"trigger_events":["DeploymentFailure"],"trigger_name":"axum-trigger"}]},"after_unknown":{"alarm_configuration":[],"arn":true,"auto_rollback_configuration":[],"blue_green_deployment_config":[{"deployment_ready_option":[{}],"green_fleet_provisioning_option":true,"terminate_blue_instances_on_deployment_success":[{}]}],"compute_platform":true,"deployment_group_id":true,"deployment_style":[{}],"ec2_tag_filter":[],"ec2_tag_set":[],"ecs_service":[{}],"id":true,"load_balancer_info":[{"elb_info":[],"target_group_info":[],"target_group_pair_info":[{"prod_traffic_route":[{"listener_arns":true}],"target_group":[{},{}],"test_traffic_route":[{"listener_arns":true}]}]}],"on_premises_instance_tag_filter":[],"service_role_arn":true,"tags_all":true,"trigger_configuration":[{"trigger_events":[false],"trigger_target_arn":true}]},"before_sensitive":false,"after_sensitive":{"alarm_configuration":[],"auto_rollback_configuration":[],"blue_green_deployment_config":[{"deployment_ready_option":[{}],"green_fleet_provisioning_option":[],"terminate_blue_instances_on_deployment_success":[{}]}],"deployment_style":[{}],"ec2_tag_filter":[],"ec2_tag_set":[],"ecs_service":[{}],"load_balancer_info":[{"elb_info":[],"target_group_info":[],"target_group_pair_info":[{"prod_traffic_route":[{"listener_arns":[]}],"target_group":[{},{}],"test_traffic_route":[{"listener_arns":[]}]}]}],"on_premises_instance_tag_filter":[],"tags_all":{},"trigger_configuration":[{"trigger_events":[false]}]}}},{"address":"aws_ecr_repository.axum_app","mode":"managed","type":"aws_ecr_repository","name":"axum_app","provider_name":"registry.terraform.io/hashicorp/aws","change":{"actions":["create"],"before":null,"after":{"encryption_configuration":[],"force_delete":null,"image_scanning_configuration":[],"image_tag_mutability":"MUTABLE","image_tag_mutability_exclusion_filter":[],"name":"axum-app","region":"ap-northeast-1","tags":null,"timeouts":null},"after_unknown":{"arn":true,"encryption_configuration":[],"id":true,"image_scanning_configuration":[],"image_tag_mutability_exclusion_filter":[],"registry_id":true,"repository_url":true,"tags_all":true},"before_sensitive":false,"after_sensitive":{"encryption_configuration":[],"image_scanning_configuration":[],"image_tag_mutability_exclusion_filter":[],"tags_all":{}},"after_identity":{"account_id":null,"name":null,"region":null}}},{"address":"aws_ecs_cluster.main","mode":"managed","type":"aws_ecs_cluster","name":"main","provider_name":"registry.terraform.io/hashicorp/aws","change":{"actions":["create"],"before":null,"after":{"configuration":[],"name":"axum-cluster","region":"ap-northeast-1","service_connect_defaults":[],"tags":null},"after_unknown":{"arn":true,"configuration":[],"id":true,"service_connect_defaults":[],"setting":true,"tags_all":true},"before_sensitive":false,"after_sensitive":{"configuration":[],"service_connect_defaults":[],"setting":[],"tags_all":{}}}},{"address":"aws_ecs_service.axum_service","mode":"managed","type":"aws_ecs_service","name":"axum_service","provider_name":"registry.terraform.io/hashicorp/aws","change":{"actions":["create"],"before":null,"after":{"alarms":[],"capacity_provider_strategy":[],"deployment_circuit_breaker":[],"deployment_controller":[{"type":"CODE_DEPLOY"}],"deployment_maximum_percent":200,"deployment_minimum_healthy_percent":100,"desired_count":1,"enable_ecs_managed_tags":false,"enable_execute_command":false,"force_delete":null,"force_new_deployment":null,"health_check_grace_period_seconds":null,"launch_type":"FARGATE","load_balancer":[{"advanced_configuration":[],"container_name":"axum-app","container_port":80,"elb_name":""}],"name":"axum-service","network_configuration":[{"assign_public_ip":true}],"ordered_placement_strategy":[],"placement_constraints":[],"propagate_tags":null,"region":"ap-northeast-1","scheduling_strategy":"REPLICA","service_connect_configuration":[],"service_registries":[],"sigint_rollback":null,"tags":null,"timeouts":null,"volume_configuration":[],"vpc_lattice_configurations":[],"wait_for_steady_state":false},"after_unknown":{"alarms":[],"arn":true,"availability_zone_rebalancing":true,"capacity_provider_strategy":[],"cluster":true,"deployment_circuit_breaker":[],"deployment_configuration":true,"deployment_controller":[{}],"iam_role":true,"id":true,"load_balancer":[{"advanced_configuration":[],"target_group_arn":true}],"network_configuration":[{"security_groups":true,"subnets":true}],"ordered_placement_strategy":[],"placement_constraints":[],"platform_version":true,"service_connect_configuration":[],"service_registries":[],"tags_all":true,"task_definition":true,"triggers":true,"volume_configuration":[],"vpc_lattice_configurations":[]},"before_sensitive":false,"after_sensitive":{"alarms":[],"capacity_provider_strategy":[],"deployment_circuit_breaker":[],"deployment_configuration":[],"deployment_controller":[{}],"load_balancer":[{"advanced_configuration":[]}],"network_configuration":[{"security_groups":[],"subnets":[]}],"ordered_placement_strategy":[],"placement_constraints":[],"service_connect_configuration":[],"service_registries":[],"tags_all":{},"triggers":{},"volume_configuration":[],"vpc_lattice_configurations":[]}}},{"address":"aws_ecs_task_definition.axum_task","mode":"managed","type":"aws_ecs_task_definition","name":"axum_task","provider_name":"registry.terraform.io/hashicorp/aws","change":{"actions":["create"],"before":null,"after":{"container_definitions":"[{\"cpu\":256,\"essential\":true,\"image\":\"httpd:latest\",\"logConfiguration\":{\"logDriver\":\"awslogs\",\"options\":{\"awslogs-group\":\"/ecs/axum-service\",\"awslogs-region\":\"ap-northeast-1\",\"awslogs-stream-prefix\":\"ecs\"}},\"memory\":512,\"name\":\"axum-app\",\"portMappings\":[{\"containerPort\":80,\"protocol\":\"tcp\"}]}]","cpu":"256","ephemeral_storage":[],"family":"axum-task","ipc_mode":null,"memory":"512","network_mode":"awsvpc","pid_mode":null,"placement_constraints":[],"proxy_configuration":[],"region":"ap-northeast-1","requires_compatibilities":["FARGATE"],"runtime_platform":[],"skip_destroy":false,"tags":null,"task_role_arn":null,"track_latest":false,"volume":[]},"after_unknown":{"arn":true,"arn_without_revision":true,"enable_fault_injection":true,"ephemeral_storage":[],"execution_role_arn":true,"id":true,"placement_constraints":[],"proxy_configuration":[],"requires_compatibilities":[false],"revision":true,"runtime_platform":[],"tags_all":true,"volume":[]},"before_sensitive":false,"after_sensitive":{"ephemeral_storage":[],"placement_constraints":[],"proxy_configuration":[],"requires_compatibilities":[false],"runtime_platform":[],"tags_all":{},"volume":[]}}},{"address":"aws_iam_role.codedeploy_service_role","mode":"managed","type":"aws_iam_role","name":"codedeploy_service_role","provider_name":"registry.terraform.io/hashicorp/aws","change":{"actions":["create"],"before":null,"after":{"assume_role_policy":"{\"Statement\":[{\"Action\":\"sts:AssumeRole\",\"Effect\":\"Allow\",\"Principal\":{\"Service\":\"codedeploy.amazonaws.com\"}}],\"Version\":\"2012-10-17\"}","description":null,"force_detach_policies":false,"max_session_duration":3600,"name":"codedeploy-service-role","path":"/","permissions_boundary":null,"tags":null},"after_unknown":{"arn":true,"create_date":true,"id":true,"inline_policy":true,"managed_policy_arns":true,"name_prefix":true,"tags_all":true,"unique_id":true},"before_sensitive":false,"after_sensitive":{"inline_policy":[],"managed_policy_arns":[],"tags_all":{}},"after_identity":{"account_id":null,"name":null}}},{"address":"aws_iam_role.execution_role","mode":"managed","type":"aws_iam_role","name":"execution_role","provider_name":"registry.terraform.io/hashicorp/aws","change":{"actions":["create"],"before":null,"after":{"assume_role_policy":"{\"Statement\":[{\"Action\":\"sts:AssumeRole\",\"Effect\":\"Allow\",\"Principal\":{\"Service\":\"ecs-tasks.amazonaws.com\"}}],\"Version\":\"2012-10-17\"}","description":null,"force_detach_policies":false,"max_session_duration":3600,"name":"axum_task_execution_role","path":"/","permissions_boundary":null,"tags":null},"after_unknown":{"arn":true,"create_date":true,"id":true,"inline_policy":true,"managed_policy_arns":true,"name_prefix":true,"tags_all":true,"unique_id":true},"before_sensitive":false,"after_sensitive":{"inline_policy":[],"managed_policy_arns":[],"tags_all":{}},"after_identity":{"account_id":null,"name":null}}},{"address":"aws_iam_role_policy_attachment.codedeploy_service_role_policy_attachment","mode":"managed","type":"aws_iam_role_policy_attachment","name":"codedeploy_service_role_policy_attachment","provider_name":"registry.terraform.io/hashicorp/aws","change":{"actions":["create"],"before":null,"after":{"policy_arn":"arn:aws:iam::aws:policy/AWSCodeDeployRoleForECS","role":"codedeploy-service-role"},"after_unknown":{"id":true},"before_sensitive":false,"after_sensitive":{},"after_identity":{"account_id":null,"policy_arn":null,"role":null}}},{"address":"aws_iam_role_policy_attachment.execution_role_policy_attachment","mode":"managed","type":"aws_iam_role_policy_attachment","name":"execution_role_policy_attachment","provider_name":"registry.terraform.io/hashicorp/aws","change":{"actions":["create"],"before":null,"after":{"policy_arn":"arn:aws:iam::aws:policy/service-role/AmazonECSTaskExecutionRolePolicy","role":"axum_task_execution_role"},"after_unknown":{"id":true},"before_sensitive":false,"after_sensitive":{},"after_identity":{"account_id":null,"policy_arn":null,"role":null}}},{"address":"aws_internet_gateway.igw","mode":"managed","type":"aws_internet_gateway","name":"igw","provider_name":"registry.terraform.io/hashicorp/aws","change":{"actions":["create"],"before":null,"after":{"region":"ap-northeast-1","tags":null,"timeouts":null},"after_unknown":{"arn":true,"id":true,"owner_id":true,"tags_all":true,"vpc_id":true},"before_sensitive":false,"after_sensitive":{"tags_all":{}}}},{"address":"aws_lb.axum_lb","mode":"managed","type":"aws_lb","name":"axum_lb","provider_name":"registry.terraform.io/hashicorp/aws","change":{"actions":["create"],"before":null,"after":{"access_logs":[],"client_keep_alive":3600,"connection_logs":[],"customer_owned_ipv4_pool":null,"desync_mitigation_mode":"defensive","dns_record_client_routing_policy":null,"drop_invalid_header_fields":false,"enable_cross_zone_load_balancing":null,"enable_deletion_protection":false,"enable_http2":true,"enable_tls_version_and_cipher_suite_headers":false,"enable_waf_fail_open":false,"enable_xff_client_port":false,"enable_zonal_shift":false,"health_check_logs":[],"idle_timeout":60,"internal":false,"ipam_pools":[],"load_balancer_type":"application","minimum_load_balancer_capacity":[],"name":"axum-lb","preserve_host_header":false,"region":"ap-northeast-1","tags":{"Name":"axum-lb"},"tags_all":{"Name":"axum-lb"},"timeouts":null,"xff_header_processing_mode":"append"},"after_unknown":{"access_logs":[],"arn":true,"arn_suffix":true,"connection_logs":[],"dns_name":true,"enforce_security_group_inbound_rules_on_private_link_traffic":true,"health_check_logs":[],"id":true,"ip_address_type":true,"ipam_pools":[],"minimum_load_balancer_capacity":[],"name_prefix":true,"secondary_ips_auto_assigned_per_subnet":true,"security_groups":true,"subnet_mapping":true,"subnets":true,"tags":{},"tags_all":{},"vpc_id":true,"zone_id":true},"before_sensitive":false,"after_sensitive":{"access_logs":[],"connection_logs":[],"health_check_logs":[],"ipam_pools":[],"minimum_load_balancer_capacity":[],"security_groups":[],"subnet_mapping":[],"subnets":[],"tags":{},"tags_all":{}},"after_identity":{"arn":null}}},{"address":"aws_lb_listener.front_end","mode":"managed","type":"aws_lb_listener","name":"front_end","provider_name":"registry.terraform.io/hashicorp/aws","change":{"actions":["create"],"before":null,"after":{"alpn_policy":null,"certificate_arn":null,"default_action":[{"authenticate_cognito":[],"authenticate_oidc":[],"fixed_response":[],"forward":[],"jwt_validation":[],"redirect":[],"type":"forward"}],"port":80,"protocol":"HTTP","region":"ap-northeast-1","tags":null,"timeouts":null},"after_unknown":{"arn":true,"default_action":[{"authenticate_cognito":[],"authenticate_oidc":[],"fixed_response":[],"forward":[],"jwt_validation":[],"order":true,"redirect":[],"target_group_arn":true}],"id":true,"load_balancer_arn":true,"mutual_authentication":true,"routing_http_request_x_amzn_mtls_clientcert_header_name":true,"routing_http_request_x_amzn_mtls_clientcert_issuer_header_name":true,"routing_http_request_x_amzn_mtls_clientcert_leaf_header_name":true,"routing_http_request_x_amzn_mtls_clientcert_serial_number_header_name":true,"routing_http_request_x_amzn_mtls_clientcert_subject_header_name":true,"routing_http_request_x_amzn_mtls_clientcert_validity_header_name":true,"routing_http_request_x_amzn_tls_cipher_suite_header_name":true,"routing_http_request_x_amzn_tls_version_header_name":true,"routing_http_response_access_control_allow_credentials_header_value":true,"routing_http_response_access_control_allow_headers_header_value":true,"routing_http_response_access_control_allow_methods_header_value":true,"routing_http_response_access_control_allow_origin_header_value":true,"routing_http_response_access_control_expose_headers_header_value":true,"routing_http_response_access_control_max_age_header_value":true,"routing_http_response_content_security_policy_header_value":true,"routing_http_response_server_enabled":true,"routing_http_response_strict_transport_security_header_value":true,"routing_http_response_x_content_type_options_header_value":true,"routing_http_response_x_frame_options_header_value":true,"ssl_policy":true,"tags_all":true,"tcp_idle_timeout_seconds":true},"before_sensitive":false,"after_sensitive":{"default_action":[{"authenticate_cognito":[],"authenticate_oidc":[],"fixed_response":[],"forward":[],"jwt_validation":[],"redirect":[]}],"mutual_authentication":[],"tags_all":{}},"after_identity":{"arn":null}}},{"address":"aws_lb_listener.front_end_green","mode":"managed","type":"aws_lb_listener","name":"front_end_green","provider_name":"registry.terraform.io/hashicorp/aws","change":{"actions":["create"],"before":null,"after":{"alpn_policy":null,"certificate_arn":null,"default_action":[{"authenticate_cognito":[],"authenticate_oidc":[],"fixed_response":[],"forward":[],"jwt_validation":[],"redirect":[],"type":"forward"}],"port":81,"protocol":"HTTP","region":"ap-northeast-1","tags":null,"timeouts":null},"after_unknown":{"arn":true,"default_action":[{"authenticate_cognito":[],"authenticate_oidc":[],"fixed_response":[],"forward":[],"jwt_validation":[],"order":true,"redirect":[],"target_group_arn":true}],"id":true,"load_balancer_arn":true,"mutual_authentication":true,"routing_http_request_x_amzn_mtls_clientcert_header_name":true,"routing_http_request_x_amzn_mtls_clientcert_issuer_header_name":true,"routing_http_request_x_amzn_mtls_clientcert_leaf_header_name":true,"routing_http_request_x_amzn_mtls_clientcert_serial_number_header_name":true,"routing_http_request_x_amzn_mtls_clientcert_subject_header_name":true,"routing_http_request_x_amzn_mtls_clientcert_validity_header_name":true,"routing_http_request_x_amzn_tls_cipher_suite_header_name":true,"routing_http_request_x_amzn_tls_version_header_name":true,"routing_http_response_access_control_allow_credentials_header_value":true,"routing_http_response_access_control_allow_headers_header_value":true,"routing_http_response_access_control_allow_methods_header_value":true,"routing_http_response_access_control_allow_origin_header_value":true,"routing_http_response_access_control_expose_headers_header_value":true,"routing_http_response_access_control_max_age_header_value":true,"routing_http_response_content_security_policy_header_value":true,"routing_http_response_server_enabled":true,"routing_http_response_strict_transport_security_header_value":true,"routing_http_response_x_content_type_options_header_value":true,"routing_http_response_x_frame_options_header_value":true,"ssl_policy":true,"tags_all":true,"tcp_idle_timeout_seconds":true},"before_sensitive":false,"after_sensitive":{"default_action":[{"authenticate_cognito":[],"authenticate_oidc":[],"fixed_response":[],"forward":[],"jwt_validation":[],"redirect":[]}],"mutual_authentication":[],"tags_all":{}},"after_identity":{"arn":null}}},{"address":"aws_lb_listener_rule.test_path_rule","mode":"managed","type":"aws_lb_listener_rule","name":"test_path_rule","provider_name":"registry.terraform.io/hashicorp/aws","change":{"actions":["create"],"before":null,"after":{"action":[{"authenticate_cognito":[],"authenticate_oidc":[],"fixed_response":[{"content_type":"text/plain","message_body":"This is a test response","status_code":"200"}],"forward":[],"jwt_validation":[],"redirect":[],"target_group_arn":null,"type":"fixed-response"}],"condition":[{"host_header":[],"http_header":[],"http_request_method":[],"path_pattern":[{"regex_values":[],"values":["/test"]}],"query_string":[],"source_ip":[]}],"priority":10,"region":"ap-northeast-1","tags":null,"transform":[]},"after_unknown":{"action":[{"authenticate_cognito":[],"authenticate_oidc":[],"fixed_response":[{}],"forward":[],"jwt_validation":[],"order":true,"redirect":[]}],"arn":true,"condition":[{"host_header":[],"http_header":[],"http_request_method":[],"path_pattern":[{"regex_values":[],"values":[false]}],"query_string":[],"source_ip":[]}],"id":true,"listener_arn":true,"tags_all":true,"transform":[]},"before_sensitive":false,"after_sensitive":{"action":[{"authenticate_cognito":[],"authenticate_oidc":[],"fixed_response":[{}],"forward":[],"jwt_validation":[],"redirect":[]}],"condition":[{"host_header":[],"http_header":[],"http_request_method":[],"path_pattern":[{"regex_values":[],"values":[false]}],"query_string":[],"source_ip":[]}],"tags_all":{},"transform":[]},"after_identity":{"arn":null}}},{"address":"aws_lb_target_group.axum_tg","mode":"managed","type":"aws_lb_target_group","name":"axum_tg","provider_name":"registry.terraform.io/hashicorp/aws","change":{"actions":["create"],"before":null,"after":{"deregistration_delay":"300","health_check":[{"enabled":true,"healthy_threshold":2,"interval":30,"matcher":"200","path":"/","port":"80","protocol":"HTTP","timeout":3,"unhealthy_threshold":2}],"lambda_multi_value_headers_enabled":false,"name":"axum-tg","port":80,"protocol":"HTTP","proxy_protocol_v2":false,"region":"ap-northeast-1","slow_start":0,"tags":null,"target_control_port":null,"target_type":"ip"},"after_unknown":{"arn":true,"arn_suffix":true,"connection_termination":true,"health_check":[{}],"id":true,"ip_address_type":true,"load_balancer_arns":true,"load_balancing_algorithm_type":true,"load_balancing_anomaly_mitigation":true,"load_balancing_cross_zone_enabled":true,"name_prefix":true,"preserve_client_ip":true,"protocol_version":true,"stickiness":true,"tags_all":true,"target_failover":true,"target_group_health":true,"target_health_state":true,"vpc_id":true},"before_sensitive":false,"after_sensitive":{"health_check":[{}],"load_balancer_arns":[],"stickiness":[],"tags_all":{},"target_failover":[],"target_group_health":[],"target_health_state":[]},"after_identity":{"arn":null}}},{"address":"aws_lb_target_group.axum_tg_green","mode":"managed","type":"aws_lb_target_group","name":"axum_tg_green","provider_name":"registry.terraform.io/hashicorp/aws","change":{"actions":["create"],"before":null,"after":{"deregistration_delay":"300","health_check":[{"enabled":true,"healthy_threshold":2,"interval":30,"matcher":"200","path":"/","port":"80","protocol":"HTTP","timeout":3,"unhealthy_threshold":2}],"lambda_multi_value_headers_enabled":false,"name":"axum-tg-green","port":80,"protocol":"HTTP","proxy_protocol_v2":false,"region":"ap-northeast-1","slow_start":0,"tags":null,"target_control_port":null,"target_type":"ip"},"after_unknown":{"arn":true,"arn_suffix":true,"connection_termination":true,"health_check":[{}],"id":true,"ip_address_type":true,"load_balancer_arns":true,"load_balancing_algorithm_type":true,"load_balancing_anomaly_mitigation":true,"load_balancing_cross_zone_enabled":true,"name_prefix":true,"preserve_client_ip":true,"protocol_version":true,"stickiness":true,"tags_all":true,"target_failover":true,"target_group_health":true,"target_health_state":true,"vpc_id":true},"before_sensitive":false,"after_sensitive":{"health_check":[{}],"load_balancer_arns":[],"stickiness":[],"tags_all":{},"target_failover":[],"target_group_health":[],"target_health_state":[]},"after_identity":{"arn":null}}},{"address":"aws_main_route_table_association.axum_service_public_association","mode":"managed","type":"aws_main_route_table_association","name":"axum_service_public_association","provider_name":"registry.terraform.io/hashicorp/aws","change":{"actions":["create"],"before":null,"after":{"region":"ap-northeast-1","timeouts":null},"after_unknown":{"id":true,"original_route_table_id":true,"route_table_id":true,"vpc_id":true},"before_sensitive":false,"after_sensitive":{}}},{"address":"aws_route_table.public","mode":"managed","type":"aws_route_table","name":"public","provider_name":"registry.terraform.io/hashicorp/aws","change":{"actions":["create"],"before":null,"after":{"region":"ap-northeast-1","route":[{"carrier_gateway_id":"","cidr_block":"0.0.0.0/0","core_network_arn":"","destination_prefix_list_id":"","egress_only_gateway_id":"","ipv6_cidr_block":"","local_gateway_id":"","nat_gateway_id":"","network_interface_id":"","transit_gateway_id":"","vpc_endpoint_id":"","vpc_peering_connection_id":""}],"tags":null,"timeouts":null},"after_unknown":{"arn":true,"id":true,"owner_id":true,"propagating_vgws":true,"route":[{"gateway_id":true}],"tags_all":true,"vpc_id":true},"before_sensitive":false,"after_sensitive":{"propagating_vgws":[],"route":[{}],"tags_all":{}},"after_identity":{"account_id":null,"id":null,"region":null}}},{"address":"aws_security_group.allow_all","mode":"managed","type":"aws_security_group","name":"allow_all","provider_name":"registry.terraform.io/hashicorp/aws","change":{"actions":["create"],"before":null,"after":{"description":"Managed by Terraform","egress":[{"cidr_blocks":["0.0.0.0/0"],"description":"","from_port":0,"ipv6_cidr_blocks":[],"prefix_list_ids":[],"protocol":"-1","security_groups":[],"self":false,"to_port":0}],"ingress":[{"cidr_blocks":["0.0.0.0/0"],"description":"","from_port":80,"ipv6_cidr_blocks":[],"prefix_list_ids":[],"protocol":"tcp","security_groups":[],"self":false,"to_port":80}],"name":"allow_all","region":"ap-northeast-1","revoke_rules_on_delete":false,"tags":null,"timeouts":null},"after_unknown":{"arn":true,"egress":[{"cidr_blocks":[false],"ipv6_cidr_blocks":[],"prefix_list_ids":[],"security_groups":[]}],"id":true,"ingress":[{"cidr_blocks":[false],"ipv6_cidr_blocks":[],"prefix_list_ids":[],"security_groups":[]}],"name_prefix":true,"owner_id":true,"tags_all":true,"vpc_id":true},"before_sensitive":false,"after_sensitive":{"egress":[{"cidr_blocks":[false],"ipv6_cidr_blocks":[],"prefix_list_ids":[],"security_groups":[]}],"ingress":[{"cidr_blocks":[false],"ipv6_cidr_blocks":[],"prefix_list_ids":[],"security_groups":[]}],"tags_all":{}},"after_identity":{"account_id":null,"id":null,"region":null}}},{"address":"aws_security_group.allow_http","mode":"managed","type":"aws_security_group","name":"allow_http","provider_name":"registry.terraform.io/hashicorp/aws","change":{"actions":["create"],"before":null,"after":{"description":"Managed by Terraform","egress":[{"cidr_blocks":["0.0.0.0/0"],"description":"","from_port":0,"ipv6_cidr_blocks":[],"prefix_list_ids":[],"protocol":"-1","security_groups":[],"self":false,"to_port":0}],"ingress":[{"cidr_blocks":["0.0.0.0/0"],"description":"","from_port":80,"ipv6_cidr_blocks":[],"prefix_list_ids":[],"protocol":"tcp","security_groups":[],"self":false,"to_port":80}],"name":"allow_http","region":"ap-northeast-1","revoke_rules_on_delete":false,"tags":null,"timeouts":null},"after_unknown":{"arn":true,"egress":[{"cidr_blocks":[false],"ipv6_cidr_blocks":[],"prefix_list_ids":[],"security_groups":[]}],"id":true,"ingress":[{"cidr_blocks":[false],"ipv6_cidr_blocks":[],"prefix_list_ids":[],"security_groups":[]}],"name_prefix":true,"owner_id":true,"tags_all":true,"vpc_id":true},"before_sensitive":false,"after_sensitive":{"egress":[{"cidr_blocks":[false],"ipv6_cidr_blocks":[],"prefix_list_ids":[],"security_groups":[]}],"ingress":[{"cidr_blocks":[false],"ipv6_cidr_blocks":[],"prefix_list_ids":[],"security_groups":[]}],"tags_all":{}},"after_identity":{"account_id":null,"id":null,"region":null}}},{"address":"aws_sns_topic.axum_topic","mode":"managed","type":"aws_sns_topic","name":"axum_topic","provider_name":"registry.terraform.io/hashicorp/aws","change":{"actions":["create"],"before":null,"after":{"application_failure_feedback_role_arn":null,"application_success_feedback_role_arn":null,"application_success_feedback_sample_rate":null,"archive_policy":null,"content_based_deduplication":false,"delivery_policy":null,"display_name":null,"fifo_topic":false,"firehose_failure_feedback_role_arn":null,"firehose_success_feedback_role_arn":null,"firehose_success_feedback_sample_rate":null,"http_failure_feedback_role_arn":null,"http_success_feedback_role_arn":null,"http_success_feedback_sample_rate":null,"kms_master_key_id":null,"lambda_failure_feedback_role_arn":null,"lambda_success_feedback_role_arn":null,"lambda_success_feedback_sample_rate":null,"name":"axum-topic","region":"ap-northeast-1","sqs_failure_feedback_role_arn":null,"sqs_success_feedback_role_arn":null,"sqs_success_feedback_sample_rate":null,"tags":null},"after_unknown":{"arn":true,"beginning_archive_time":true,"fifo_throughput_scope":true,"id":true,"name_prefix":true,"owner":true,"policy":true,"signature_version":true,"tags_all":true,"tracing_config":true},"before_sensitive":false,"after_sensitive":{"tags_all":{}},"after_identity":{"arn":null}}},{"address":"aws_subnet.private","mode":"managed","type":"aws_subnet","name":"private","provider_name":"registry.terraform.io/hashicorp/aws","change":{"actions":["create"],"before":null,"after":{"assign_ipv6_address_on_creation":false,"cidr_block":"10.0.1.0/24","customer_owned_ipv4_pool":null,"enable_dns64":false,"enable_lni_at_device_index":null,"enable_resource_name_dns_a_record_on_launch":false,"enable_resource_name_dns_aaaa_record_on_launch":false,"ipv6_cidr_block":null,"ipv6_native":false,"map_customer_owned_ip_on_launch":null,"map_public_ip_on_launch":false,"outpost_arn":null,"region":"ap-northeast-1","tags":null,"timeouts":null},"after_unknown":{"arn":true,"availability_zone":true,"availability_zone_id":true,"id":true,"ipv6_cidr_block_association_id":true,"owner_id":true,"private_dns_hostname_type_on_launch":true,"tags_all":true,"vpc_id":true},"before_sensitive":false,"after_sensitive":{"tags_all":{}},"after_identity":{"account_id":null,"id":null,"region":null}}},{"address":"aws_subnet.public1","mode":"managed","type":"aws_subnet","name":"public1","provider_name":"registry.terraform.io/hashicorp/aws","change":{"actions":["create"],"before":null,"after":{"assign_ipv6_address_on_creation":false,"availability_zone":"ap-northeast-1a","cidr_block":"10.0.2.0/24","customer_owned_ipv4_pool":null,"enable_dns64":false,"enable_lni_at_device_index":null,"enable_resource_name_dns_a_record_on_launch":false,"enable_resource_name_dns_aaaa_record_on_launch":false,"ipv6_cidr_block":null,"ipv6_native":false,"map_customer_owned_ip_on_launch":null,"map_public_ip_on_launch":false,"outpost_arn":null,"region":"ap-northeast-1","tags":null,"timeouts":null},"after_unknown":{"arn":true,"availability_zone_id":true,"id":true,"ipv6_cidr_block_association_id":true,"owner_id":true,"private_dns_hostname_type_on_launch":true,"tags_all":true,"vpc_id":true},"before_sensitive":false,"after_sensitive":{"tags_all":{}},"after_identity":{"account_id":null,"id":null,"region":null}}},{"address":"aws_subnet.public2","mode":"managed","type":"aws_subnet","name":"public2","provider_name":"registry.terraform.io/hashicorp/aws","change":{"actions":["create"],"before":null,"after":{"assign_ipv6_address_on_creation":false,"availability_zone":"ap-northeast-1c","cidr_block":"10.0.3.0/24","customer_owned_ipv4_pool":null,"enable_dns64":false,"enable_lni_at_device_index":null,"enable_resource_name_dns_a_record_on_launch":false,"enable_resource_name_dns_aaaa_record_on_launch":false,"ipv6_cidr_block":null,"ipv6_native":false,"map_customer_owned_ip_on_launch":null,"map_public_ip_on_launch":false,"outpost_arn":null,"region":"ap-northeast-1","tags":null,"timeouts":null},"after_unknown":{"arn":true,"availability_zone_id":true,"id":true,"ipv6_cidr_block_association_id":true,"owner_id":true,"private_dns_hostname_type_on_launch":true,"tags_all":true,"vpc_id":true},"before_sensitive":false,"after_sensitive":{"tags_all":{}},"after_identity":{"account_id":null,"id":null,"region":null}}},{"address":"aws_vpc.main","mode":"managed","type":"aws_vpc","name":"main","provider_name":"registry.terraform.io/hashicorp/aws","change":{"actions":["create"],"before":null,"after":{"assign_generated_ipv6_cidr_block":null,"cidr_block":"10.0.0.0/16","enable_dns_support":true,"instance_tenancy":"default","ipv4_ipam_pool_id":null,"ipv4_netmask_length":null,"ipv6_ipam_pool_id":null,"ipv6_netmask_length":null,"region":"ap-northeast-1","tags":null},"after_unknown":{"arn":true,"default_network_acl_id":true,"default_route_table_id":true,"default_security_group_id":true,"dhcp_options_id":true,"enable_dns_hostnames":true,"enable_network_address_usage_metrics":true,"id":true,"ipv6_association_id":true,"ipv6_cidr_block":true,"ipv6_cidr_block_network_border_group":true,"main_route_table_id":true,"owner_id":true,"tags_all":true},"before_sensitive":false,"after_sensitive":{"tags_all":{}},"after_identity":{"account_id":null,"id":null,"region":null}}}],"output_changes":{"ecr_repository_url":{"actions":["create"],"before":null,"after_unknown":true,"before_sensitive":false,"after_sensitive":false},"load_balancer_dns_name":{"actions":["create"],"before":null,"after_unknown":true,"before_sensitive":false,"after_sensitive":false},"private_subnet_id":{"actions":["create"],"before":null,"after_unknown":true,"before_sensitive":false,"after_sensitive":false},"public_subnet1_id":{"actions":["create"],"before":null,"after_unknown":true,"before_sensitive":false,"after_sensitive":false},"public_subnet2_id":{"actions":["create"],"before":null,"after_unknown":true,"before_sensitive":false,"after_sensitive":false},"security_group_allow_all_id":{"actions":["create"],"before":null,"after_unknown":true,"before_sensitive":false,"after_sensitive":false},"security_group_allow_http_id":{"actions":["create"],"before":null,"after_unknown":true,"before_sensitive":false,"after_sensitive":false},"vpc_id":{"actions":["create"],"before":null,"after_unknown":true,"before_sensitive":false,"after_sensitive":false}},"configuration":{"provider_config":{"archive":{"name":"archive","full_name":"registry.terraform.io/hashicorp/archive","version_constraint":"\u003e= 2.0.0"},"aws":{"name":"aws","full_name":"registry.terraform.io/hashicorp/aws","version_constraint":"~\u003e 6.27.0","expressions":{"region":{"constant_value":"ap-northeast-1"}}}},"root_module":{"outputs":{"ecr_repository_url":{"expression":{"references":["aws_ecr_repository.axum_app.repository_url","aws_ecr_repository.axum_app"]}},"load_balancer_dns_name":{"expression":{"references":["aws_lb.axum_lb.dns_name","aws_lb.axum_lb"]},"description":"The DNS name of the load balancer"},"private_subnet_id":{"expression":{"references":["aws_subnet.private.id","aws_subnet.private"]},"description":"The ID of the private subnet"},"public_subnet1_id":{"expression":{"references":["aws_subnet.public1.id","aws_subnet.public1"]},"description":"The ID of the first public subnet"},"public_subnet2_id":{"expression":{"references":["aws_subnet.public2.id","aws_subnet.public2"]},"description":"The ID of the second public subnet"},"security_group_allow_all_id":{"expression":{"references":["aws_security_group.allow_all.id","aws_security_group.allow_all"]},"description":"The ID of the security group that allows all traffic"},"security_group_allow_http_id":{"expression":{"references":["aws_security_group.allow_http.id","aws_security_group.allow_http"]},"description":"The ID of the security group that allows HTTP traffic"},"vpc_id":{"expression":{"references":["aws_vpc.main.id","aws_vpc.main"]},"description":"The ID of the VPC"}},"resources":[{"address":"aws_cloudwatch_log_group.axum_log_group","mode":"managed","type":"aws_cloudwatch_log_group","name":"axum_log_group","provider_config_key":"aws","expressions":{"name":{"constant_value":"/ecs/axum-service"}},"schema_version":0},{"address":"aws_codedeploy_app.axum_app","mode":"managed","type":"aws_codedeploy_app","name":"axum_app","provider_config_key":"aws","expressions":{"compute_platform":{"constant_value":"ECS"},"name":{"constant_value":"axum-app"}},"schema_version":0},{"address":"aws_codedeploy_deployment_group.axum_group","mode":"managed","type":"aws_codedeploy_deployment_group","name":"axum_group","provider_config_key":"aws","expressions":{"app_name":{"references":["aws_codedeploy_app.axum_app.name","aws_codedeploy_app.axum_app"]},"blue_green_deployment_config":[{"deployment_ready_option":[{"action_on_timeout":{"constant_value":"CONTINUE_DEPLOYMENT"},"wait_time_in_minutes":{"constant_value":0}}],"terminate_blue_instances_on_deployment_success":[{"action":{"constant_value":"TERMINATE"},"termination_wait_time_in_minutes":{"constant_value":5}}]}],"deployment_config_name":{"constant_value":"CodeDeployDefault.ECSAllAtOnce"},"deployment_group_name":{"constant_value":"axum-group"},"deployment_style":[{"deployment_option":{"constant_value":"WITH_TRAFFIC_CONTROL"},"deployment_type":{"constant_value":"BLUE_GREEN"}}],"ecs_service":[{"cluster_name":{"references":["aws_ecs_cluster.main.name","aws_ecs_cluster.main"]},"service_name":{"references":["aws_ecs_service.axum_service.name","aws_ecs_service.axum_service"]}}],"load_balancer_info":[{"target_group_pair_info":[{"prod_traffic_route":[{"listener_arns":{"references":["aws_lb_listener.front_end.arn","aws_lb_listener.front_end"]}}],"target_group":[{"name":{"references":["aws_lb_target_group.axum_tg.name","aws_lb_target_group.axum_tg"]}},{"name":{"references":["aws_lb_target_group.axum_tg_green.name","aws_lb_target_group.axum_tg_green"]}}],"test_traffic_route":[{"listener_arns":{"references":["aws_lb_listener.front_end_green.arn","aws_lb_listener.front_end_green"]}}]}]}],"service_role_arn":{"references":["aws_iam_role.codedeploy_service_role.arn","aws_iam_role.codedeploy_service_role"]},"trigger_configuration":[{"trigger_events":{"constant_value":["DeploymentFailure"]},"trigger_name":{"constant_value":"axum-trigger"},"trigger_target_arn":{"references":["aws_sns_topic.axum_topic.arn","aws_sns_topic.axum_topic"]}}]},"schema_version":0},{"address":"aws_ecr_repository.axum_app","mode":"managed","type":"aws_ecr_repository","name":"axum_app","provider_config_key":"aws","expressions":{"name":{"constant_value":"axum-app"}},"schema_version":0},{"address":"aws_ecs_cluster.main","mode":"managed","type":"aws_ecs_cluster","name":"main","provider_config_key":"aws","expressions":{"name":{"constant_value":"axum-cluster"}},"schema_version":0},{"address":"aws_ecs_service.axum_service","mode":"managed","type":"aws_ecs_service","name":"axum_service","provider_config_key":"aws","expressions":{"cluster":{"references":["aws_ecs_cluster.main.id","aws_ecs_cluster.main"]},"deployment_controller":[{"type":{"constant_value":"CODE_DEPLOY"}}],"desired_count":{"constant_value":1},"launch_type":{"constant_value":"FARGATE"},"load_balancer":[{"container_name":{"constant_value":"axum-app"},"container_port":{"constant_value":80},"target_group_arn":{"references":["aws_lb_target_group.axum_tg.arn","aws_lb_target_group.axum_tg"]}}],"name":{"constant_value":"axum-service"},"network_configuration":[{"assign_public_ip":{"constant_value":true},"security_groups":{"references":["aws_security_group.allow_all.id","aws_security_group.allow_all"]},"subnets":{"references":["aws_subnet.private.id","aws_subnet.private"]}}],"task_definition":{"references":["aws_ecs_task_definition.axum_task.arn","aws_ecs_task_definition.axum_task"]}},"schema_version":1},{"address":"aws_ecs_task_definition.axum_task","mode":"managed","type":"aws_ecs_task_definition","name":"axum_task","provider_config_key":"aws","expressions":{"container_definitions":{},"cpu":{"constant_value":256},"execution_role_arn":{"references":["aws_iam_role.execution_role.arn","aws_iam_role.execution_role"]},"family":{"constant_value":"axum-task"},"memory":{"constant_value":512},"network_mode":{"constant_value":"awsvpc"},"requires_compatibilities":{"constant_value":["FARGATE"]}},"schema_version":1},{"address":"aws_iam_role.codedeploy_service_role","mode":"managed","type":"aws_iam_role","name":"codedeploy_service_role","provider_config_key":"aws","expressions":{"assume_role_policy":{},"name":{"constant_value":"codedeploy-service-role"}},"schema_version":0},{"address":"aws_iam_role.execution_role","mode":"managed","type":"aws_iam_role","name":"execution_role","provider_config_key":"aws","expressions":{"assume_role_policy":{},"name":{"constant_value":"axum_task_execution_role"}},"schema_version":0},{"address":"aws_iam_role_policy_attachment.codedeploy_service_role_policy_attachment","mode":"managed","type":"aws_iam_role_policy_attachment","name":"codedeploy_service_role_policy_attachment","provider_config_key":"aws","expressions":{"policy_arn":{"constant_value":"arn:aws:iam::aws:policy/AWSCodeDeployRoleForECS"},"role":{"references":["aws_iam_role.codedeploy_service_role.name","aws_iam_role.codedeploy_service_role"]}},"schema_version":0},{"address":"aws_iam_role_policy_attachment.execution_role_policy_attachment","mode":"managed","type":"aws_iam_role_policy_attachment","name":"execution_role_policy_attachment","provider_config_key":"aws","expressions":{"policy_arn":{"constant_value":"arn:aws:iam::aws:policy/service-role/AmazonECSTaskExecutionRolePolicy"},"role":{"references":["aws_iam_role.execution_role.name","aws_iam_role.execution_role"]}},"schema_version":0},{"address":"aws_internet_gateway.igw","mode":"managed","type":"aws_internet_gateway","name":"igw","provider_config_key":"aws","expressions":{"vpc_id":{"references":["aws_vpc.main.id","aws_vpc.main"]}},"schema_version":0},{"address":"aws_lb.axum_lb","mode":"managed","type":"aws_lb","name":"axum_lb","provider_config_key":"aws","expressions":{"internal":{"constant_value":false},"load_balancer_type":{"constant_value":"application"},"name":{"constant_value":"axum-lb"},"security_groups":{"references":["aws_security_group.allow_http.id","aws_security_group.allow_http"]},"subnets":{"references":["aws_subnet.public1.id","aws_subnet.public1","aws_subnet.public2.id","aws_subnet.public2"]},"tags":{"constant_value":{"Name":"axum-lb"}}},"schema_version":0},{"address":"aws_lb_listener.front_end","mode":"managed","type":"aws_lb_listener","name":"front_end","provider_config_key":"aws","expressions":{"default_action":[{"target_group_arn":{"references":["aws_lb_target_group.axum_tg.arn","aws_lb_target_group.axum_tg"]},"type":{"constant_value":"forward"}}],"load_balancer_arn":{"references":["aws_lb.axum_lb.arn","aws_lb.axum_lb"]},"port":{"constant_value":"80"},"protocol":{"constant_value":"HTTP"}},"schema_version":0},{"address":"aws_lb_listener.front_end_green","mode":"managed","type":"aws_lb_listener","name":"front_end_green","provider_config_key":"aws","expressions":{"default_action":[{"target_group_arn":{"references":["aws_lb_target_group.axum_tg_green.arn","aws_lb_target_group.axum_tg_green"]},"type":{"constant_value":"forward"}}],"load_balancer_arn":{"references":["aws_lb.axum_lb.arn","aws_lb.axum_lb"]},"port":{"constant_value":"81"},"protocol":{"constant_value":"HTTP"}},"schema_version":0},{"address":"aws_lb_listener_rule.test_path_rule","mode":"managed","type":"aws_lb_listener_rule","name":"test_path_rule","provider_config_key":"aws","expressions":{"action":[{"fixed_response":[{"content_type":{"constant_value":"text/plain"},"message_body":{"constant_value":"This is a test response"},"status_code":{"constant_value":"200"}}],"type":{"constant_value":"fixed-response"}}],"condition":[{"path_pattern":[{"values":{"constant_value":["/test"]}}]}],"listener_arn":{"references":["aws_lb_listener.front_end.arn","aws_lb_listener.front_end"]},"priority":{"constant_value":10}},"schema_version":0},{"address":"aws_lb_target_group.axum_tg","mode":"managed","type":"aws_lb_target_group","name":"axum_tg","provider_config_key":"aws","expressions":{"health_check":[{"healthy_threshold":{"constant_value":2},"interval":{"constant_value":30},"matcher":{"constant_value":"200"},"path":{"constant_value":"/"},"port":{"constant_value":"80"},"protocol":{"constant_value":"HTTP"},"timeout":{"constant_value":3},"unhealthy_threshold":{"constant_value":2}}],"name":{"constant_value":"axum-tg"},"port":{"constant_value":80},"protocol":{"constant_value":"HTTP"},"target_type":{"constant_value":"ip"},"vpc_id":{"references":["aws_vpc.main.id","aws_vpc.main"]}},"schema_version":0},{"address":"aws_lb_target_group.axum_tg_green","mode":"managed","type":"aws_lb_target_group","name":"axum_tg_green","provider_config_key":"aws","expressions":{"health_check":[{"healthy_threshold":{"constant_value":2},"interval":{"constant_value":30},"matcher":{"constant_value":"200"},"path":{"constant_value":"/"},"port":{"constant_value":"80"},"protocol":{"constant_value":"HTTP"},"timeout":{"constant_value":3},"unhealthy_threshold":{"constant_value":2}}],"name":{"constant_value":"axum-tg-green"},"port":{"constant_value":80},"protocol":{"constant_value":"HTTP"},"target_type":{"constant_value":"ip"},"vpc_id":{"references":["aws_vpc.main.id","aws_vpc.main"]}},"schema_version":0},{"address":"aws_main_route_table_association.axum_service_public_association","mode":"managed","type":"aws_main_route_table_association","name":"axum_service_public_association","provider_config_key":"aws","expressions":{"route_table_id":{"references":["aws_route_table.public.id","aws_route_table.public"]},"vpc_id":{"references":["aws_vpc.main.id","aws_vpc.main"]}},"schema_version":0},{"address":"aws_route_table.public","mode":"managed","type":"aws_route_table","name":"public","provider_config_key":"aws","expressions":{"route":{"references":["aws_internet_gateway.igw.id","aws_internet_gateway.igw"]},"vpc_id":{"references":["aws_vpc.main.id","aws_vpc.main"]}},"schema_version":0},{"address":"aws_security_group.allow_all","mode":"managed","type":"aws_security_group","name":"allow_all","provider_config_key":"aws","expressions":{"egress":{"constant_value":[{"cidr_blocks":["0.0.0.0/0"],"description":null,"from_port":0,"ipv6_cidr_blocks":null,"prefix_list_ids":null,"protocol":"-1","security_groups":null,"self":null,"to_port":0}]},"ingress":{"constant_value":[{"cidr_blocks":["0.0.0.0/0"],"description":null,"from_port":80,"ipv6_cidr_blocks":null,"prefix_list_ids":null,"protocol":"tcp","security_groups":null,"self":null,"to_port":80}]},"name":{"constant_value":"allow_all"},"vpc_id":{"references":["aws_vpc.main.id","aws_vpc.main"]}},"schema_version":1},{"address":"aws_security_group.allow_http","mode":"managed","type":"aws_security_group","name":"allow_http","provider_config_key":"aws","expressions":{"egress":{"constant_value":[{"cidr_blocks":["0.0.0.0/0"],"description":null,"from_port":0,"ipv6_cidr_blocks":null,"prefix_list_ids":null,"protocol":"-1","security_groups":null,"self":null,"to_port":0}]},"ingress":{"constant_value":[{"cidr_blocks":["0.0.0.0/0"],"description":null,"from_port":80,"ipv6_cidr_blocks":null,"prefix_list_ids":null,"protocol":"tcp","security_groups":null,"self":null,"to_port":80}]},"name":{"constant_value":"allow_http"},"vpc_id":{"references":["aws_vpc.main.id","aws_vpc.main"]}},"schema_version":1},{"address":"aws_sns_topic.axum_topic","mode":"managed","type":"aws_sns_topic","name":"axum_topic","provider_config_key":"aws","expressions":{"name":{"constant_value":"axum-topic"}},"schema_version":0},{"address":"aws_subnet.private","mode":"managed","type":"aws_subnet","name":"private","provider_config_key":"aws","expressions":{"cidr_block":{"constant_value":"10.0.1.0/24"},"vpc_id":{"references":["aws_vpc.main.id","aws_vpc.main"]}},"schema_version":1},{"address":"aws_subnet.public1","mode":"managed","type":"aws_subnet","name":"public1","provider_config_key":"aws","expressions":{"availability_zone":{"constant_value":"ap-northeast-1a"},"cidr_block":{"constant_value":"10.0.2.0/24"},"vpc_id":{"references":["aws_vpc.main.id","aws_vpc.main"]}},"schema_version":1},{"address":"aws_subnet.public2","mode":"managed","type":"aws_subnet","name":"public2","provider_config_key":"aws","expressions":{"availability_zone":{"constant_value":"ap-northeast-1c"},"cidr_block":{"constant_value":"10.0.3.0/24"},"vpc_id":{"references":["aws_vpc.main.id","aws_vpc.main"]}},"schema_version":1},{"address":"aws_vpc.main","mode":"managed","type":"aws_vpc","name":"main","provider_config_key":"aws","expressions":{"cidr_block":{"constant_value":"10.0.0.0/16"}},"schema_version":1}]}},"relevant_attributes":[{"resource":"aws_iam_role.execution_role","attribute":["name"]},{"resource":"aws_lb_listener.front_end_green","attribute":["arn"]},{"resource":"aws_route_table.public","attribute":["id"]},{"resource":"aws_codedeploy_app.axum_app","attribute":["name"]},{"resource":"aws_iam_role.codedeploy_service_role","attribute":["arn"]},{"resource":"aws_iam_role.execution_role","attribute":["arn"]},{"resource":"aws_lb_target_group.axum_tg_green","attribute":["name"]},{"resource":"aws_ecs_cluster.main","attribute":["name"]},{"resource":"aws_lb_listener.front_end","attribute":["arn"]},{"resource":"aws_subnet.public1","attribute":["id"]},{"resource":"aws_lb.axum_lb","attribute":["dns_name"]},{"resource":"aws_lb.axum_lb","attribute":["arn"]},{"resource":"aws_security_group.allow_http","attribute":["id"]},{"resource":"aws_lb_target_group.axum_tg","attribute":["name"]},{"resource":"aws_internet_gateway.igw","attribute":["id"]},{"resource":"aws_vpc.main","attribute":["id"]},{"resource":"aws_ecs_cluster.main","attribute":["id"]},{"resource":"aws_subnet.public2","attribute":["id"]},{"resource":"aws_ecr_repository.axum_app","attribute":["repository_url"]},{"resource":"aws_ecs_service.axum_service","attribute":["name"]},{"resource":"aws_subnet.private","attribute":["id"]},{"resource":"aws_ecs_task_definition.axum_task","attribute":["arn"]},{"resource":"aws_iam_role.codedeploy_service_role","attribute":["name"]},{"resource":"aws_lb_target_group.axum_tg","attribute":["arn"]},{"resource":"aws_security_group.allow_all","attribute":["id"]},{"resource":"aws_lb_target_group.axum_tg_green","attribute":["arn"]},{"resource":"aws_sns_topic.axum_topic","attribute":["arn"]}],"timestamp":"2026-01-27T11:41:40Z","applyable":true,"complete":true,"errored":false}
