{
  "version": 4,
  "terraform_version": "1.13.5",
  "serial": 1,
  "lineage": "6f9093c7-5519-de76-a8de-380610770394",
  "outputs": {},
  "resources": [
    {
      "mode": "managed",
      "type": "random_id",
      "name": "suffix",
      "provider": "provider[\"registry.terraform.io/hashicorp/random\"]",
      "instances": [
        {
          "schema_version": 0,
          "attributes": {
            "b64_std": "Ab7d6w==",
            "b64_url": "Ab7d6w",
            "byte_length": 4,
            "dec": "29285867",
            "hex": "01beddeb",
            "id": "Ab7d6w",
            "keepers": null,
            "prefix": null
          },
          "sensitive_attributes": [],
          "identity_schema_version": 0
        }
      ]
    }
  ],
  "check_results": null
}
