{
  "version": 4,
  "terraform_version": "1.13.5",
  "serial": 11,
  "lineage": "9a69de95-bc55-b7cc-bfc7-32ebed067b19",
  "outputs": {
    "ami_id": {
      "value": "ami-04681a1dbd79675a5",
      "type": "string"
    }
  },
  "resources": [
    {
      "mode": "data",
      "type": "aws_ami",
      "name": "amazon-linux-image",
      "provider": "provider[\"registry.terraform.io/hashicorp/aws\"]",
      "instances": [
        {
          "schema_version": 0,
          "attributes": {
            "allow_unsafe_filter": null,
            "architecture": "x86_64",
            "arn": "arn:aws:ec2:us-east-1::image/ami-04681a1dbd79675a5",
            "block_device_mappings": [
              {
                "device_name": "/dev/xvda",
                "ebs": {
                  "delete_on_termination": "false",
                  "encrypted": "false",
                  "iops": "0",
                  "snapshot_id": "snap-a85a6fcc22f8e0325",
                  "throughput": "0",
                  "volume_initialization_rate": "0",
                  "volume_size": "15",
                  "volume_type": "standard"
                },
                "no_device": "",
                "virtual_name": ""
              }
            ],
            "boot_mode": "uefi",
            "creation_date": "2026-01-27T00:48:42.000Z",
            "deprecation_time": "",
            "description": "Amazon Linux 2 AMI 2.0.20180810 x86_64 HVM gp2",
            "ena_support": false,
            "executable_users": null,
            "filter": [
              {
                "name": "name",
                "values": [
                  "amzn2-ami-hvm-*-x86_64-gp2"
                ]
              },
              {
                "name": "virtualization-type",
                "values": [
                  "hvm"
                ]
              }
            ],
            "hypervisor": "xen",
            "id": "ami-04681a1dbd79675a5",
            "image_id": "ami-04681a1dbd79675a5",
            "image_location": "amazon/amzn2-ami-hvm-2.0.20180810-x86_64-gp2",
            "image_owner_alias": "amazon",
            "image_type": "machine",
            "imds_support": "",
            "include_deprecated": false,
            "kernel_id": "",
            "last_launched_time": "",
            "most_recent": true,
            "name": "amzn2-ami-hvm-2.0.20180810-x86_64-gp2",
            "name_regex": null,
            "owner_id": "137112412989",
            "owners": [
              "amazon"
            ],
            "platform": "Linux/UNIX",
            "platform_details": "",
            "product_codes": [],
            "public": true,
            "ramdisk_id": "",
            "region": "us-east-1",
            "root_device_name": "/dev/xvda",
            "root_device_type": "ebs",
            "root_snapshot_id": "snap-a85a6fcc22f8e0325",
            "sriov_net_support": "",
            "state": "available",
            "state_reason": {
              "code": "UNSET",
              "message": "UNSET"
            },
            "tags": {},
            "timeouts": null,
            "tpm_support": "",
            "uefi_data": null,
            "usage_operation": "",
            "virtualization_type": "hvm"
          },
          "sensitive_attributes": [],
          "identity_schema_version": 0
        }
      ]
    },
    {
      "mode": "data",
      "type": "http",
      "name": "ifconfig",
      "provider": "provider[\"registry.terraform.io/hashicorp/http\"]",
      "instances": [
        {
          "schema_version": 0,
          "attributes": {
            "body": "193.5.234.233\n",
            "ca_cert_pem": null,
            "client_cert_pem": null,
            "client_key_pem": null,
            "id": "https://ipv4.icanhazip.com/",
            "insecure": null,
            "method": null,
            "request_body": null,
            "request_headers": null,
            "request_timeout_ms": null,
            "response_body": "193.5.234.233\n",
            "response_body_base64": "MTkzLjUuMjM0LjIzMwo=",
            "response_headers": {
              "Access-Control-Allow-Methods": "GET",
              "Access-Control-Allow-Origin": "*",
              "Alt-Svc": "h3=\":443\"; ma=86400",
              "Cf-Ray": "9c443f291fc3b159-ZRH",
              "Content-Length": "14",
              "Content-Type": "text/plain",
              "Date": "Tue, 27 Jan 2026 00:48:50 GMT",
              "Server": "cloudflare",
              "Set-Cookie": "__cf_bm=OEMxCLAqSQnjZxTvDbYfDRmeaEFV12V6DxLrsvlLZVs-1769474930-1.0.1.1-lPMmwoxhgF9TU7.i9EojwQjt1uJvyNAo9HVjK3gV89HrwPYEM.kdpL4x7LqSy10gxVAKLhil6u5LTz1gqkFuXJPmb6me.xF6_CIamA4FkKc; path=/; expires=Tue, 27-Jan-26 01:18:50 GMT; domain=.icanhazip.com; HttpOnly; Secure; SameSite=None",
              "Vary": "Accept-Encoding"
            },
            "retry": null,
            "status_code": 200,
            "url": "https://ipv4.icanhazip.com/"
          },
          "sensitive_attributes": [],
          "identity_schema_version": 0
        }
      ]
    },
    {
      "mode": "managed",
      "type": "aws_internet_gateway",
      "name": "my_net_igw",
      "provider": "provider[\"registry.terraform.io/hashicorp/aws\"]",
      "instances": [
        {
          "schema_version": 0,
          "attributes": {
            "arn": "arn:aws:ec2:us-east-1:000000000000:internet-gateway/igw-3782ad828814d85d2",
            "id": "igw-3782ad828814d85d2",
            "owner_id": "000000000000",
            "region": "us-east-1",
            "tags": {
              "Name": "my-net-igw"
            },
            "tags_all": {
              "Name": "my-net-igw"
            },
            "timeouts": null,
            "vpc_id": "vpc-ead7549445522f8f5"
          },
          "sensitive_attributes": [],
          "identity_schema_version": 0,
          "private": "eyJlMmJmYjczMC1lY2FhLTExZTYtOGY4OC0zNDM2M2JjN2M0YzAiOnsiY3JlYXRlIjoxMjAwMDAwMDAwMDAwLCJkZWxldGUiOjEyMDAwMDAwMDAwMDAsInVwZGF0ZSI6MTIwMDAwMDAwMDAwMH19",
          "dependencies": [
            "aws_vpc.my_net_vpc"
          ]
        }
      ]
    },
    {
      "mode": "managed",
      "type": "aws_key_pair",
      "name": "my_net_keypair",
      "provider": "provider[\"registry.terraform.io/hashicorp/aws\"]",
      "instances": [
        {
          "schema_version": 1,
          "attributes": {
            "arn": "arn:aws:ec2:us-east-1::key-pair/my-net-keypair",
            "fingerprint": "d7:70:81:f4:73:db:4e:d1:11:81:41:c3:01:ed:ec:c3",
            "id": "my-net-keypair",
            "key_name": "my-net-keypair",
            "key_name_prefix": "",
            "key_pair_id": "key-27b5c142413c56745",
            "key_type": "",
            "public_key": "ssh-rsa AAAAB3NzaC1yc2EAAAADAQABAAABAQCfffhIKrbSd2kGnTfwBcZYQYvn7bU4+Ndb0jx/sqL9pIxkGpq3j5yvrv4NgqT7/DeusRSIVB9VPf+HVTP3pGXfXBoIh/cLJxqFcLzT44LtsLXjIPEqY9DAKiuqRpm02CYkI1CIv9P5Dslwu5HWDl4On2BDifdvSMoUXi7l2CF3dGxAH5MUllFH1qpZn55KZT1T6Ch/ezHm3xt633lCVOwGqzQSSsosIE7lXZl+AY/I3xgmXhjAjS0yIWaw3WDXPKPr6Xw5bK5WeRJTFymcabYPu/jzAnWBMFXc0h3ILWtiUJBAuHXcUu/Y6S4IalbP1AzPQUqYMOy6C0LRxUeVFtbN",
            "region": "us-east-1",
            "tags": null,
            "tags_all": {}
          },
          "sensitive_attributes": [],
          "identity_schema_version": 0,
          "private": "eyJzY2hlbWFfdmVyc2lvbiI6IjEifQ==",
          "dependencies": [
            "tls_private_key.my_net_private_key"
          ]
        }
      ]
    },
    {
      "mode": "managed",
      "type": "aws_route_table",
      "name": "my_net_public_rt",
      "provider": "provider[\"registry.terraform.io/hashicorp/aws\"]",
      "instances": [
        {
          "schema_version": 0,
          "attributes": {
            "arn": "arn:aws:ec2:us-east-1:000000000000:route-table/rtb-beee8d5a92e440089",
            "id": "rtb-beee8d5a92e440089",
            "owner_id": "000000000000",
            "propagating_vgws": [],
            "region": "us-east-1",
            "route": [
              {
                "carrier_gateway_id": "",
                "cidr_block": "0.0.0.0/0",
                "core_network_arn": "",
                "destination_prefix_list_id": "",
                "egress_only_gateway_id": "",
                "gateway_id": "igw-3782ad828814d85d2",
                "ipv6_cidr_block": "",
                "local_gateway_id": "",
                "nat_gateway_id": "",
                "network_interface_id": "",
                "transit_gateway_id": "",
                "vpc_endpoint_id": "",
                "vpc_peering_connection_id": ""
              }
            ],
            "tags": {
              "Name": "my-net-public-rt"
            },
            "tags_all": {
              "Name": "my-net-public-rt"
            },
            "timeouts": null,
            "vpc_id": "vpc-ead7549445522f8f5"
          },
          "sensitive_attributes": [],
          "identity_schema_version": 0,
          "identity": {
            "account_id": "",
            "id": "rtb-beee8d5a92e440089",
            "region": "us-east-1"
          },
          "private": "eyJlMmJmYjczMC1lY2FhLTExZTYtOGY4OC0zNDM2M2JjN2M0YzAiOnsiY3JlYXRlIjozMDAwMDAwMDAwMDAsImRlbGV0ZSI6MzAwMDAwMDAwMDAwLCJ1cGRhdGUiOjEyMDAwMDAwMDAwMH19",
          "dependencies": [
            "aws_internet_gateway.my_net_igw",
            "aws_vpc.my_net_vpc"
          ]
        }
      ]
    },
    {
      "mode": "managed",
      "type": "aws_route_table_association",
      "name": "my_net_public_rt_associate",
      "provider": "provider[\"registry.terraform.io/hashicorp/aws\"]",
      "instances": [
        {
          "schema_version": 0,
          "attributes": {
            "gateway_id": "",
            "id": "rtbassoc-490c143205ec5e4ec",
            "region": "us-east-1",
            "route_table_id": "rtb-beee8d5a92e440089",
            "subnet_id": "subnet-52b728c5271f9dc90",
            "timeouts": null
          },
          "sensitive_attributes": [],
          "identity_schema_version": 0,
          "private": "eyJlMmJmYjczMC1lY2FhLTExZTYtOGY4OC0zNDM2M2JjN2M0YzAiOnsiY3JlYXRlIjozMDAwMDAwMDAwMDAsImRlbGV0ZSI6MzAwMDAwMDAwMDAwLCJ1cGRhdGUiOjEyMDAwMDAwMDAwMH19",
          "dependencies": [
            "aws_internet_gateway.my_net_igw",
            "aws_route_table.my_net_public_rt",
            "aws_subnet.my_net_public_subnet",
            "aws_vpc.my_net_vpc"
          ]
        }
      ]
    },
    {
      "mode": "managed",
      "type": "aws_security_group",
      "name": "my_net_ec2_sg",
      "provider": "provider[\"registry.terraform.io/hashicorp/aws\"]",
      "instances": [
        {
          "schema_version": 1,
          "attributes": {
            "arn": "arn:aws:ec2:us-east-1:000000000000:security-group/sg-7e47f4793bb67a49b",
            "description": "for squid server",
            "egress": [
              {
                "cidr_blocks": [
                  "0.0.0.0/0"
                ],
                "description": "",
                "from_port": 0,
                "ipv6_cidr_blocks": [],
                "prefix_list_ids": [],
                "protocol": "-1",
                "security_groups": [],
                "self": false,
                "to_port": 0
              }
            ],
            "id": "sg-7e47f4793bb67a49b",
            "ingress": [
              {
                "cidr_blocks": [
                  "193.5.234.233/32"
                ],
                "description": "",
                "from_port": -1,
                "ipv6_cidr_blocks": [],
                "prefix_list_ids": [],
                "protocol": "icmp",
                "security_groups": [],
                "self": false,
                "to_port": -1
              },
              {
                "cidr_blocks": [
                  "193.5.234.233/32"
                ],
                "description": "",
                "from_port": 22,
                "ipv6_cidr_blocks": [],
                "prefix_list_ids": [],
                "protocol": "tcp",
                "security_groups": [],
                "self": false,
                "to_port": 22
              },
              {
                "cidr_blocks": [
                  "193.5.234.233/32"
                ],
                "description": "",
                "from_port": 3128,
                "ipv6_cidr_blocks": [],
                "prefix_list_ids": [],
                "protocol": "tcp",
                "security_groups": [],
                "self": false,
                "to_port": 3128
              }
            ],
            "name": "my-net-ec2-sg",
            "name_prefix": "",
            "owner_id": "000000000000",
            "region": "us-east-1",
            "revoke_rules_on_delete": false,
            "tags": {
              "Name": "my-net-ec2-sg"
            },
            "tags_all": {
              "Name": "my-net-ec2-sg"
            },
            "timeouts": null,
            "vpc_id": "vpc-ead7549445522f8f5"
          },
          "sensitive_attributes": [],
          "identity_schema_version": 0,
          "identity": {
            "account_id": "",
            "id": "sg-7e47f4793bb67a49b",
            "region": "us-east-1"
          },
          "private": "eyJlMmJmYjczMC1lY2FhLTExZTYtOGY4OC0zNDM2M2JjN2M0YzAiOnsiY3JlYXRlIjo2MDAwMDAwMDAwMDAsImRlbGV0ZSI6OTAwMDAwMDAwMDAwfSwic2NoZW1hX3ZlcnNpb24iOiIxIn0=",
          "dependencies": [
            "aws_vpc.my_net_vpc",
            "data.http.ifconfig"
          ]
        }
      ]
    },
    {
      "mode": "managed",
      "type": "aws_subnet",
      "name": "my_net_public_subnet",
      "provider": "provider[\"registry.terraform.io/hashicorp/aws\"]",
      "instances": [
        {
          "schema_version": 1,
          "attributes": {
            "arn": "arn:aws:ec2:us-east-1:000000000000:subnet/subnet-52b728c5271f9dc90",
            "assign_ipv6_address_on_creation": false,
            "availability_zone": "ap-northeast-1a",
            "availability_zone_id": "apne1-az4",
            "cidr_block": "10.0.1.0/24",
            "customer_owned_ipv4_pool": "",
            "enable_dns64": false,
            "enable_lni_at_device_index": 0,
            "enable_resource_name_dns_a_record_on_launch": false,
            "enable_resource_name_dns_aaaa_record_on_launch": false,
            "id": "subnet-52b728c5271f9dc90",
            "ipv6_cidr_block": "",
            "ipv6_cidr_block_association_id": "",
            "ipv6_native": false,
            "map_customer_owned_ip_on_launch": false,
            "map_public_ip_on_launch": false,
            "outpost_arn": "",
            "owner_id": "000000000000",
            "private_dns_hostname_type_on_launch": "ip-name",
            "region": "us-east-1",
            "tags": {
              "Name": "my-net-public-subnet"
            },
            "tags_all": {
              "Name": "my-net-public-subnet"
            },
            "timeouts": null,
            "vpc_id": "vpc-ead7549445522f8f5"
          },
          "sensitive_attributes": [],
          "identity_schema_version": 0,
          "identity": {
            "account_id": "",
            "id": "subnet-52b728c5271f9dc90",
            "region": "us-east-1"
          },
          "private": "eyJlMmJmYjczMC1lY2FhLTExZTYtOGY4OC0zNDM2M2JjN2M0YzAiOnsiY3JlYXRlIjo2MDAwMDAwMDAwMDAsImRlbGV0ZSI6MTIwMDAwMDAwMDAwMH0sInNjaGVtYV92ZXJzaW9uIjoiMSJ9",
          "dependencies": [
            "aws_vpc.my_net_vpc"
          ]
        }
      ]
    },
    {
      "mode": "managed",
      "type": "aws_vpc",
      "name": "my_net_vpc",
      "provider": "provider[\"registry.terraform.io/hashicorp/aws\"]",
      "instances": [
        {
          "schema_version": 1,
          "attributes": {
            "arn": "arn:aws:ec2:us-east-1:000000000000:vpc/vpc-ead7549445522f8f5",
            "assign_generated_ipv6_cidr_block": false,
            "cidr_block": "10.0.0.0/16",
            "default_network_acl_id": "acl-03a6cdf7a87d07910",
            "default_route_table_id": "rtb-5ef126bac6439d37d",
            "default_security_group_id": "sg-c2fe90bb2a9407a7a",
            "dhcp_options_id": "default",
            "enable_dns_hostnames": true,
            "enable_dns_support": true,
            "enable_network_address_usage_metrics": false,
            "id": "vpc-ead7549445522f8f5",
            "instance_tenancy": "default",
            "ipv4_ipam_pool_id": null,
            "ipv4_netmask_length": null,
            "ipv6_association_id": "",
            "ipv6_cidr_block": "",
            "ipv6_cidr_block_network_border_group": "",
            "ipv6_ipam_pool_id": "",
            "ipv6_netmask_length": 0,
            "main_route_table_id": "rtb-5ef126bac6439d37d",
            "owner_id": "000000000000",
            "region": "us-east-1",
            "tags": {
              "Name": "my-net-vpc"
            },
            "tags_all": {
              "Name": "my-net-vpc"
            }
          },
          "sensitive_attributes": [],
          "identity_schema_version": 0,
          "identity": {
            "account_id": "",
            "id": "vpc-ead7549445522f8f5",
            "region": "us-east-1"
          },
          "private": "eyJzY2hlbWFfdmVyc2lvbiI6IjEifQ=="
        }
      ]
    },
    {
      "mode": "managed",
      "type": "local_file",
      "name": "my_net_private_key_pem",
      "provider": "provider[\"registry.terraform.io/hashicorp/local\"]",
      "instances": [
        {
          "schema_version": 0,
          "attributes": {
            "content": "-----BEGIN RSA PRIVATE KEY-----\nMIIEogIBAAKCAQEAn334SCq20ndpBp038AXGWEGL5+21OPjXW9I8f7Ki/aSMZBqa\nt4+cr67+DYKk+/w3rrEUiFQfVT3/h1Uz96Rl31waCIf3CycahXC80+OC7bC14yDx\nKmPQwCorqkaZtNgmJCNQiL/T+Q7JcLuR1g5eDp9gQ4n3b0jKFF4u5dghd3RsQB+T\nFJZRR9aqWZ+eSmU9U+gof3sx5t8bet95QlTsBqs0EkrKLCBO5V2ZfgGPyN8YJl4Y\nwI0tMiFmsN1g1zyj6+l8OWyuVnkSUxcpnGm2D7v48wJ1gTBV3NIdyC1rYlCQQLh1\n3FLv2OkuCGpWz9QMz0FKmDDsugtC0cVHlRbWzQIDAQABAoIBACXR1LCkNFMHDsgL\nOur3K5fc/ySBmRIH6+Vxnnf3b6/ut327U0nIy7JbMBIbEy1PmxKZGhHTxNRNTc0V\nFqwX9zI2YFP6jcm+vYq794LVNcRQPWk89AMFxUf0GAOaFzOrd6vlFeE/f6/U4k6R\no9za7lHQWB7b1ek1HPokdUF6dUEiYfUDgxGlJtLcLlMEA3I6Fh3DaT5Vp4/5oApn\nf32Bi/85eHL1GU/XIHtftudjx/CHI0Izz92iZmQwBXJTzlH/D3/mrAKd3auZp1eq\n/FyoKqMMphJcXeV6/pVQes1yy1qcfS1yZoLtAyfKmMf/pAnybOqoAjXqJxukXRy9\n2vT/6MECgYEAxJNhDcAI0MbRGw8Fd8qQThT6r8ggeDCWU93vDrMcW1GogEBX0Eqy\nVU0gmokwPp9xNmC12x+/9ld8TOSC4QMea06Wn7q5vaTf+eNFlCH6ZnEpNvIqw38B\n9gCK5nu3SBp6sXmEem0iaCca/GjIlymX7XtFcOR19kuDpH2+f0xRTS0CgYEAz7TC\nRnudcsxWKvE/HujWxAGltNjg+XxHi0NuldnE8Mxgz3A8/DiD/GdAlzk8Tec/UOb0\n1MtWx9UP3m6G4jWImrqX8VIEjSfaXN5yT7InkN2iwmo66q/K9VUIefEVa1oXFzUv\nMG5dkwodDrtj6HXBUVjk3UlGdu72b905Hu9h9CECgYBV4jIgCMuRM5v+X3S7HqQn\niSDxldUhzdCP+cHNQVHdT/L3faUgGtKJVDYvbkrGwXB8Goq5nsiGvzhOe/P2jR9I\nMMC8Lp+iDJvSmIo4qxO0mDIykGFAooffy+Ljyh+MgA0k5vuLZY0HxjYTG1CwQnrf\nReFT7mzfW6S7RDjrcxN+TQKBgFwZhtvCDHrO6JZ6Cscl77VSFawvTvLRjNfPusVv\nnsg3l+XjmucsGDpffmCP3JGerJCvGHkTARPzAepbkCvWGRCjFKTI/YOp3EW5zW5R\nTQILhRQ4Do/qC1Dlt7B6mkjT1dFQn/AVwCBnJ6NUrGRzcpkjlbgZuckbBONtcNqq\nwwCBAoGASqymK5H/ymtZFEJYqjO0Jb7Tjsa01DfyHV6QMS/BxyBDUf2+qCmmik1C\n0PORaIn0PvGcQFAAOxZ7LI9g2h8jXyp2KttOtkmbkn6n7gaYbrAObxGT8V7Iu3mq\nMt4+wVwpiKFWZig6F8jUA/AHS8INSWUzY9vPKZDmnfrQtTyFUOQ=\n-----END RSA PRIVATE KEY-----\n",
            "content_base64": null,
            "content_base64sha256": "ARhu7ZlP3MvfUffWdKAL2RxadbZtKuZ3WKFn48g5ZUk=",
            "content_base64sha512": "Z/X5eRNNqDMoTsGGz8CAkBmWiMsTVbpZbQPy90HynRoQrO9lXTKsu9aaWDObGwIuwvL279EiwVxPPM2atmjSww==",
            "content_md5": "0cae641474c03a6c4fbcf89e66dcb7a2",
            "content_sha1": "aacf5b9f04f97c18fc4e823f4f24979bb73643a5",
            "content_sha256": "01186eed994fdccbdf51f7d674a00bd91c5a75b66d2ae67758a167e3c8396549",
            "content_sha512": "67f5f979134da833284ec186cfc08090199688cb1355ba596d03f2f741f29d1a10acef655d32acbbd69a58339b1b022ec2f2f6efd122c15c4f3ccd9ab668d2c3",
            "directory_permission": "0777",
            "file_permission": "0777",
            "filename": "./.security/my-net-keypair.id_rsa",
            "id": "aacf5b9f04f97c18fc4e823f4f24979bb73643a5",
            "sensitive_content": null,
            "source": null
          },
          "sensitive_attributes": [
            [
              {
                "type": "get_attr",
                "value": "content"
              }
            ],
            [
              {
                "type": "get_attr",
                "value": "sensitive_content"
              }
            ]
          ],
          "identity_schema_version": 0,
          "dependencies": [
            "tls_private_key.my_net_private_key"
          ]
        }
      ]
    },
    {
      "mode": "managed",
      "type": "tls_private_key",
      "name": "my_net_private_key",
      "provider": "provider[\"registry.terraform.io/hashicorp/tls\"]",
      "instances": [
        {
          "schema_version": 1,
          "attributes": {
            "algorithm": "RSA",
            "ecdsa_curve": "P224",
            "id": "76ece33a5c49c7b8609b652b8a2eaacadd372e2a",
            "private_key_openssh": "-----BEGIN OPENSSH PRIVATE KEY-----\nb3BlbnNzaC1rZXktdjEAAAAABG5vbmUAAAAEbm9uZQAAAAAAAAABAAABFwAAAAdz\nc2gtcnNhAAAAAwEAAQAAAQEAn334SCq20ndpBp038AXGWEGL5+21OPjXW9I8f7Ki\n/aSMZBqat4+cr67+DYKk+/w3rrEUiFQfVT3/h1Uz96Rl31waCIf3CycahXC80+OC\n7bC14yDxKmPQwCorqkaZtNgmJCNQiL/T+Q7JcLuR1g5eDp9gQ4n3b0jKFF4u5dgh\nd3RsQB+TFJZRR9aqWZ+eSmU9U+gof3sx5t8bet95QlTsBqs0EkrKLCBO5V2ZfgGP\nyN8YJl4YwI0tMiFmsN1g1zyj6+l8OWyuVnkSUxcpnGm2D7v48wJ1gTBV3NIdyC1r\nYlCQQLh13FLv2OkuCGpWz9QMz0FKmDDsugtC0cVHlRbWzQAAA7j293U09vd1NAAA\nAAdzc2gtcnNhAAABAQCfffhIKrbSd2kGnTfwBcZYQYvn7bU4+Ndb0jx/sqL9pIxk\nGpq3j5yvrv4NgqT7/DeusRSIVB9VPf+HVTP3pGXfXBoIh/cLJxqFcLzT44LtsLXj\nIPEqY9DAKiuqRpm02CYkI1CIv9P5Dslwu5HWDl4On2BDifdvSMoUXi7l2CF3dGxA\nH5MUllFH1qpZn55KZT1T6Ch/ezHm3xt633lCVOwGqzQSSsosIE7lXZl+AY/I3xgm\nXhjAjS0yIWaw3WDXPKPr6Xw5bK5WeRJTFymcabYPu/jzAnWBMFXc0h3ILWtiUJBA\nuHXcUu/Y6S4IalbP1AzPQUqYMOy6C0LRxUeVFtbNAAAAAwEAAQAAAQAl0dSwpDRT\nBw7ICzrq9yuX3P8kgZkSB+vlcZ5392+v7rd9u1NJyMuyWzASGxMtT5sSmRoR08TU\nTU3NFRasF/cyNmBT+o3Jvr2Ku/eC1TXEUD1pPPQDBcVH9BgDmhczq3er5RXhP3+v\n1OJOkaPc2u5R0Fge29XpNRz6JHVBenVBImH1A4MRpSbS3C5TBANyOhYdw2k+VaeP\n+aAKZ399gYv/OXhy9RlP1yB7X7bnY8fwhyNCM8/domZkMAVyU85R/w9/5qwCnd2r\nmadXqvxcqCqjDKYSXF3lev6VUHrNcstanH0tcmaC7QMnypjH/6QJ8mzqqAI16icb\npF0cvdr0/+jBAAAAgEqspiuR/8prWRRCWKoztCW+047GtNQ38h1ekDEvwccgQ1H9\nvqgppopNQtDzkWiJ9D7xnEBQADsWeyyPYNofI18qdirbTrZJm5J+p+4GmG6wDm8R\nk/FeyLt5qjLePsFcKYihVmYoOhfI1APwB0vCDUllM2PbzymQ5p360LU8hVDkAAAA\ngQDEk2ENwAjQxtEbDwV3ypBOFPqvyCB4MJZT3e8OsxxbUaiAQFfQSrJVTSCaiTA+\nn3E2YLXbH7/2V3xM5ILhAx5rTpafurm9pN/540WUIfpmcSk28irDfwH2AIrme7dI\nGnqxeYR6bSJoJxr8aMiXKZfte0Vw5HX2S4Okfb5/TFFNLQAAAIEAz7TCRnudcsxW\nKvE/HujWxAGltNjg+XxHi0NuldnE8Mxgz3A8/DiD/GdAlzk8Tec/UOb01MtWx9UP\n3m6G4jWImrqX8VIEjSfaXN5yT7InkN2iwmo66q/K9VUIefEVa1oXFzUvMG5dkwod\nDrtj6HXBUVjk3UlGdu72b905Hu9h9CEAAAAAAQID\n-----END OPENSSH PRIVATE KEY-----\n",
            "private_key_pem": "-----BEGIN RSA PRIVATE KEY-----\nMIIEogIBAAKCAQEAn334SCq20ndpBp038AXGWEGL5+21OPjXW9I8f7Ki/aSMZBqa\nt4+cr67+DYKk+/w3rrEUiFQfVT3/h1Uz96Rl31waCIf3CycahXC80+OC7bC14yDx\nKmPQwCorqkaZtNgmJCNQiL/T+Q7JcLuR1g5eDp9gQ4n3b0jKFF4u5dghd3RsQB+T\nFJZRR9aqWZ+eSmU9U+gof3sx5t8bet95QlTsBqs0EkrKLCBO5V2ZfgGPyN8YJl4Y\nwI0tMiFmsN1g1zyj6+l8OWyuVnkSUxcpnGm2D7v48wJ1gTBV3NIdyC1rYlCQQLh1\n3FLv2OkuCGpWz9QMz0FKmDDsugtC0cVHlRbWzQIDAQABAoIBACXR1LCkNFMHDsgL\nOur3K5fc/ySBmRIH6+Vxnnf3b6/ut327U0nIy7JbMBIbEy1PmxKZGhHTxNRNTc0V\nFqwX9zI2YFP6jcm+vYq794LVNcRQPWk89AMFxUf0GAOaFzOrd6vlFeE/f6/U4k6R\no9za7lHQWB7b1ek1HPokdUF6dUEiYfUDgxGlJtLcLlMEA3I6Fh3DaT5Vp4/5oApn\nf32Bi/85eHL1GU/XIHtftudjx/CHI0Izz92iZmQwBXJTzlH/D3/mrAKd3auZp1eq\n/FyoKqMMphJcXeV6/pVQes1yy1qcfS1yZoLtAyfKmMf/pAnybOqoAjXqJxukXRy9\n2vT/6MECgYEAxJNhDcAI0MbRGw8Fd8qQThT6r8ggeDCWU93vDrMcW1GogEBX0Eqy\nVU0gmokwPp9xNmC12x+/9ld8TOSC4QMea06Wn7q5vaTf+eNFlCH6ZnEpNvIqw38B\n9gCK5nu3SBp6sXmEem0iaCca/GjIlymX7XtFcOR19kuDpH2+f0xRTS0CgYEAz7TC\nRnudcsxWKvE/HujWxAGltNjg+XxHi0NuldnE8Mxgz3A8/DiD/GdAlzk8Tec/UOb0\n1MtWx9UP3m6G4jWImrqX8VIEjSfaXN5yT7InkN2iwmo66q/K9VUIefEVa1oXFzUv\nMG5dkwodDrtj6HXBUVjk3UlGdu72b905Hu9h9CECgYBV4jIgCMuRM5v+X3S7HqQn\niSDxldUhzdCP+cHNQVHdT/L3faUgGtKJVDYvbkrGwXB8Goq5nsiGvzhOe/P2jR9I\nMMC8Lp+iDJvSmIo4qxO0mDIykGFAooffy+Ljyh+MgA0k5vuLZY0HxjYTG1CwQnrf\nReFT7mzfW6S7RDjrcxN+TQKBgFwZhtvCDHrO6JZ6Cscl77VSFawvTvLRjNfPusVv\nnsg3l+XjmucsGDpffmCP3JGerJCvGHkTARPzAepbkCvWGRCjFKTI/YOp3EW5zW5R\nTQILhRQ4Do/qC1Dlt7B6mkjT1dFQn/AVwCBnJ6NUrGRzcpkjlbgZuckbBONtcNqq\nwwCBAoGASqymK5H/ymtZFEJYqjO0Jb7Tjsa01DfyHV6QMS/BxyBDUf2+qCmmik1C\n0PORaIn0PvGcQFAAOxZ7LI9g2h8jXyp2KttOtkmbkn6n7gaYbrAObxGT8V7Iu3mq\nMt4+wVwpiKFWZig6F8jUA/AHS8INSWUzY9vPKZDmnfrQtTyFUOQ=\n-----END RSA PRIVATE KEY-----\n",
            "private_key_pem_pkcs8": "-----BEGIN PRIVATE KEY-----\nMIIEvAIBADANBgkqhkiG9w0BAQEFAASCBKYwggSiAgEAAoIBAQCfffhIKrbSd2kG\nnTfwBcZYQYvn7bU4+Ndb0jx/sqL9pIxkGpq3j5yvrv4NgqT7/DeusRSIVB9VPf+H\nVTP3pGXfXBoIh/cLJxqFcLzT44LtsLXjIPEqY9DAKiuqRpm02CYkI1CIv9P5Dslw\nu5HWDl4On2BDifdvSMoUXi7l2CF3dGxAH5MUllFH1qpZn55KZT1T6Ch/ezHm3xt6\n33lCVOwGqzQSSsosIE7lXZl+AY/I3xgmXhjAjS0yIWaw3WDXPKPr6Xw5bK5WeRJT\nFymcabYPu/jzAnWBMFXc0h3ILWtiUJBAuHXcUu/Y6S4IalbP1AzPQUqYMOy6C0LR\nxUeVFtbNAgMBAAECggEAJdHUsKQ0UwcOyAs66vcrl9z/JIGZEgfr5XGed/dvr+63\nfbtTScjLslswEhsTLU+bEpkaEdPE1E1NzRUWrBf3MjZgU/qNyb69irv3gtU1xFA9\naTz0AwXFR/QYA5oXM6t3q+UV4T9/r9TiTpGj3NruUdBYHtvV6TUc+iR1QXp1QSJh\n9QODEaUm0twuUwQDcjoWHcNpPlWnj/mgCmd/fYGL/zl4cvUZT9cge1+252PH8Icj\nQjPP3aJmZDAFclPOUf8Pf+asAp3dq5mnV6r8XKgqowymElxd5Xr+lVB6zXLLWpx9\nLXJmgu0DJ8qYx/+kCfJs6qgCNeonG6RdHL3a9P/owQKBgQDEk2ENwAjQxtEbDwV3\nypBOFPqvyCB4MJZT3e8OsxxbUaiAQFfQSrJVTSCaiTA+n3E2YLXbH7/2V3xM5ILh\nAx5rTpafurm9pN/540WUIfpmcSk28irDfwH2AIrme7dIGnqxeYR6bSJoJxr8aMiX\nKZfte0Vw5HX2S4Okfb5/TFFNLQKBgQDPtMJGe51yzFYq8T8e6NbEAaW02OD5fEeL\nQ26V2cTwzGDPcDz8OIP8Z0CXOTxN5z9Q5vTUy1bH1Q/ebobiNYiaupfxUgSNJ9pc\n3nJPsieQ3aLCajrqr8r1VQh58RVrWhcXNS8wbl2TCh0Ou2PodcFRWOTdSUZ27vZv\n3Tke72H0IQKBgFXiMiAIy5Ezm/5fdLsepCeJIPGV1SHN0I/5wc1BUd1P8vd9pSAa\n0olUNi9uSsbBcHwairmeyIa/OE578/aNH0gwwLwun6IMm9KYijirE7SYMjKQYUCi\nh9/L4uPKH4yADSTm+4tljQfGNhMbULBCet9F4VPubN9bpLtEOOtzE35NAoGAXBmG\n28IMes7olnoKxyXvtVIVrC9O8tGM18+6xW+eyDeX5eOa5ywYOl9+YI/ckZ6skK8Y\neRMBE/MB6luQK9YZEKMUpMj9g6ncRbnNblFNAguFFDgOj+oLUOW3sHqaSNPV0VCf\n8BXAIGcno1SsZHNymSOVuBm5yRsE421w2qrDAIECgYBKrKYrkf/Ka1kUQliqM7Ql\nvtOOxrTUN/IdXpAxL8HHIENR/b6oKaaKTULQ85FoifQ+8ZxAUAA7Fnssj2DaHyNf\nKnYq2062SZuSfqfuBphusA5vEZPxXsi7eaoy3j7BXCmIoVZmKDoXyNQD8AdLwg1J\nZTNj288pkOad+tC1PIVQ5A==\n-----END PRIVATE KEY-----\n",
            "public_key_fingerprint_md5": "19:15:99:59:9c:f9:75:b0:b8:d7:f6:7b:70:b8:de:98",
            "public_key_fingerprint_sha256": "SHA256:42PQRgnf+0YQj+4aXwHNXIOuVOI4StuuH982dQ6+o4A",
            "public_key_openssh": "ssh-rsa AAAAB3NzaC1yc2EAAAADAQABAAABAQCfffhIKrbSd2kGnTfwBcZYQYvn7bU4+Ndb0jx/sqL9pIxkGpq3j5yvrv4NgqT7/DeusRSIVB9VPf+HVTP3pGXfXBoIh/cLJxqFcLzT44LtsLXjIPEqY9DAKiuqRpm02CYkI1CIv9P5Dslwu5HWDl4On2BDifdvSMoUXi7l2CF3dGxAH5MUllFH1qpZn55KZT1T6Ch/ezHm3xt633lCVOwGqzQSSsosIE7lXZl+AY/I3xgmXhjAjS0yIWaw3WDXPKPr6Xw5bK5WeRJTFymcabYPu/jzAnWBMFXc0h3ILWtiUJBAuHXcUu/Y6S4IalbP1AzPQUqYMOy6C0LRxUeVFtbN\n",
            "public_key_pem": "-----BEGIN PUBLIC KEY-----\nMIIBIjANBgkqhkiG9w0BAQEFAAOCAQ8AMIIBCgKCAQEAn334SCq20ndpBp038AXG\nWEGL5+21OPjXW9I8f7Ki/aSMZBqat4+cr67+DYKk+/w3rrEUiFQfVT3/h1Uz96Rl\n31waCIf3CycahXC80+OC7bC14yDxKmPQwCorqkaZtNgmJCNQiL/T+Q7JcLuR1g5e\nDp9gQ4n3b0jKFF4u5dghd3RsQB+TFJZRR9aqWZ+eSmU9U+gof3sx5t8bet95QlTs\nBqs0EkrKLCBO5V2ZfgGPyN8YJl4YwI0tMiFmsN1g1zyj6+l8OWyuVnkSUxcpnGm2\nD7v48wJ1gTBV3NIdyC1rYlCQQLh13FLv2OkuCGpWz9QMz0FKmDDsugtC0cVHlRbW\nzQIDAQAB\n-----END PUBLIC KEY-----\n",
            "rsa_bits": 2048
          },
          "sensitive_attributes": [
            [
              {
                "type": "get_attr",
                "value": "private_key_openssh"
              }
            ],
            [
              {
                "type": "get_attr",
                "value": "private_key_pem"
              }
            ],
            [
              {
                "type": "get_attr",
                "value": "private_key_pem_pkcs8"
              }
            ]
          ],
          "identity_schema_version": 0
        }
      ]
    }
  ],
  "check_results": null
}
