{"format_version":"1.2","terraform_version":"1.13.5","variables":{"app_name":{"value":"go-server-template"},"artifact_bucket_name":{"value":null},"aws_region":{"value":"us-east-1"}},"planned_values":{"outputs":{"app_runtime_role_arn":{"sensitive":false},"artifact_bucket_arn":{"sensitive":false},"artifact_bucket_name":{"sensitive":false,"type":"string","value":"go-server-template-000000000000-us-east-1-artifacts"}},"root_module":{"resources":[{"address":"aws_iam_role.app_runtime","mode":"managed","type":"aws_iam_role","name":"app_runtime","provider_name":"registry.terraform.io/hashicorp/aws","schema_version":0,"values":{"assume_role_policy":"{\"Statement\":[{\"Action\":\"sts:AssumeRole\",\"Effect\":\"Allow\",\"Principal\":{\"Service\":\"ecs-tasks.amazonaws.com\"}}],\"Version\":\"2012-10-17\"}","description":null,"force_detach_policies":false,"max_session_duration":3600,"name":"go-server-template-runtime","path":"/","permissions_boundary":null,"tags":null,"tags_all":{"Application":"go-server-template","ManagedBy":"terraform"}},"sensitive_values":{"inline_policy":[],"managed_policy_arns":[],"tags_all":{}},"identity_schema_version":0,"identity":{"account_id":null,"name":null}},{"address":"aws_iam_role_policy.app_runtime_s3","mode":"managed","type":"aws_iam_role_policy","name":"app_runtime_s3","provider_name":"registry.terraform.io/hashicorp/aws","schema_version":0,"values":{"name":"go-server-template-runtime-s3"},"sensitive_values":{},"identity_schema_version":0,"identity":{"account_id":null,"name":null,"role":null}},{"address":"aws_s3_bucket.artifacts","mode":"managed","type":"aws_s3_bucket","name":"artifacts","provider_name":"registry.terraform.io/hashicorp/aws","schema_version":0,"values":{"bucket":"go-server-template-000000000000-us-east-1-artifacts","force_destroy":true,"region":"us-east-1","tags":null,"tags_all":{"Application":"go-server-template","ManagedBy":"terraform"},"timeouts":null},"sensitive_values":{"cors_rule":[],"grant":[],"lifecycle_rule":[],"logging":[],"object_lock_configuration":[],"replication_configuration":[],"server_side_encryption_configuration":[],"tags_all":{},"versioning":[],"website":[]},"identity_schema_version":0,"identity":{"account_id":null,"bucket":null,"region":null}},{"address":"aws_s3_bucket_public_access_block.artifacts","mode":"managed","type":"aws_s3_bucket_public_access_block","name":"artifacts","provider_name":"registry.terraform.io/hashicorp/aws","schema_version":0,"values":{"block_public_acls":true,"block_public_policy":true,"ignore_public_acls":true,"region":"us-east-1","restrict_public_buckets":true,"skip_destroy":null},"sensitive_values":{},"identity_schema_version":0,"identity":{"account_id":null,"bucket":null,"region":null}},{"address":"aws_s3_bucket_server_side_encryption_configuration.artifacts","mode":"managed","type":"aws_s3_bucket_server_side_encryption_configuration","name":"artifacts","provider_name":"registry.terraform.io/hashicorp/aws","schema_version":0,"values":{"expected_bucket_owner":null,"region":"us-east-1","rule":[{"apply_server_side_encryption_by_default":[{"kms_master_key_id":"","sse_algorithm":"AES256"}],"blocked_encryption_types":[],"bucket_key_enabled":null}]},"sensitive_values":{"rule":[{"apply_server_side_encryption_by_default":[{}],"blocked_encryption_types":[]}]},"identity_schema_version":0,"identity":{"account_id":null,"bucket":null,"expected_bucket_owner":null,"region":null}},{"address":"aws_s3_bucket_versioning.artifacts","mode":"managed","type":"aws_s3_bucket_versioning","name":"artifacts","provider_name":"registry.terraform.io/hashicorp/aws","schema_version":0,"values":{"expected_bucket_owner":null,"mfa":null,"region":"us-east-1","versioning_configuration":[{"status":"Enabled"}]},"sensitive_values":{"versioning_configuration":[{}]},"identity_schema_version":0,"identity":{"account_id":null,"bucket":null,"expected_bucket_owner":null,"region":null}}]}},"resource_changes":[{"address":"aws_iam_role.app_runtime","mode":"managed","type":"aws_iam_role","name":"app_runtime","provider_name":"registry.terraform.io/hashicorp/aws","change":{"actions":["create"],"before":null,"after":{"assume_role_policy":"{\"Statement\":[{\"Action\":\"sts:AssumeRole\",\"Effect\":\"Allow\",\"Principal\":{\"Service\":\"ecs-tasks.amazonaws.com\"}}],\"Version\":\"2012-10-17\"}","description":null,"force_detach_policies":false,"max_session_duration":3600,"name":"go-server-template-runtime","path":"/","permissions_boundary":null,"tags":null,"tags_all":{"Application":"go-server-template","ManagedBy":"terraform"}},"after_unknown":{"arn":true,"create_date":true,"id":true,"inline_policy":true,"managed_policy_arns":true,"name_prefix":true,"tags_all":{},"unique_id":true},"before_sensitive":false,"after_sensitive":{"inline_policy":[],"managed_policy_arns":[],"tags_all":{}},"after_identity":{"account_id":null,"name":null}}},{"address":"aws_iam_role_policy.app_runtime_s3","mode":"managed","type":"aws_iam_role_policy","name":"app_runtime_s3","provider_name":"registry.terraform.io/hashicorp/aws","change":{"actions":["create"],"before":null,"after":{"name":"go-server-template-runtime-s3"},"after_unknown":{"id":true,"name_prefix":true,"policy":true,"role":true},"before_sensitive":false,"after_sensitive":{},"after_identity":{"account_id":null,"name":null,"role":null}}},{"address":"aws_s3_bucket.artifacts","mode":"managed","type":"aws_s3_bucket","name":"artifacts","provider_name":"registry.terraform.io/hashicorp/aws","change":{"actions":["create"],"before":null,"after":{"bucket":"go-server-template-000000000000-us-east-1-artifacts","force_destroy":true,"region":"us-east-1","tags":null,"tags_all":{"Application":"go-server-template","ManagedBy":"terraform"},"timeouts":null},"after_unknown":{"acceleration_status":true,"acl":true,"arn":true,"bucket_domain_name":true,"bucket_prefix":true,"bucket_region":true,"bucket_regional_domain_name":true,"cors_rule":true,"grant":true,"hosted_zone_id":true,"id":true,"lifecycle_rule":true,"logging":true,"object_lock_configuration":true,"object_lock_enabled":true,"policy":true,"replication_configuration":true,"request_payer":true,"server_side_encryption_configuration":true,"tags_all":{},"versioning":true,"website":true,"website_domain":true,"website_endpoint":true},"before_sensitive":false,"after_sensitive":{"cors_rule":[],"grant":[],"lifecycle_rule":[],"logging":[],"object_lock_configuration":[],"replication_configuration":[],"server_side_encryption_configuration":[],"tags_all":{},"versioning":[],"website":[]},"after_identity":{"account_id":null,"bucket":null,"region":null}}},{"address":"aws_s3_bucket_public_access_block.artifacts","mode":"managed","type":"aws_s3_bucket_public_access_block","name":"artifacts","provider_name":"registry.terraform.io/hashicorp/aws","change":{"actions":["create"],"before":null,"after":{"block_public_acls":true,"block_public_policy":true,"ignore_public_acls":true,"region":"us-east-1","restrict_public_buckets":true,"skip_destroy":null},"after_unknown":{"bucket":true,"id":true},"before_sensitive":false,"after_sensitive":{},"after_identity":{"account_id":null,"bucket":null,"region":null}}},{"address":"aws_s3_bucket_server_side_encryption_configuration.artifacts","mode":"managed","type":"aws_s3_bucket_server_side_encryption_configuration","name":"artifacts","provider_name":"registry.terraform.io/hashicorp/aws","change":{"actions":["create"],"before":null,"after":{"expected_bucket_owner":null,"region":"us-east-1","rule":[{"apply_server_side_encryption_by_default":[{"kms_master_key_id":"","sse_algorithm":"AES256"}],"blocked_encryption_types":[],"bucket_key_enabled":null}]},"after_unknown":{"bucket":true,"id":true,"rule":[{"apply_server_side_encryption_by_default":[{}],"blocked_encryption_types":[]}]},"before_sensitive":false,"after_sensitive":{"rule":[{"apply_server_side_encryption_by_default":[{}],"blocked_encryption_types":[]}]},"after_identity":{"account_id":null,"bucket":null,"expected_bucket_owner":null,"region":null}}},{"address":"aws_s3_bucket_versioning.artifacts","mode":"managed","type":"aws_s3_bucket_versioning","name":"artifacts","provider_name":"registry.terraform.io/hashicorp/aws","change":{"actions":["create"],"before":null,"after":{"expected_bucket_owner":null,"mfa":null,"region":"us-east-1","versioning_configuration":[{"status":"Enabled"}]},"after_unknown":{"bucket":true,"id":true,"versioning_configuration":[{"mfa_delete":true}]},"before_sensitive":false,"after_sensitive":{"versioning_configuration":[{}]},"after_identity":{"account_id":null,"bucket":null,"expected_bucket_owner":null,"region":null}}}],"output_changes":{"app_runtime_role_arn":{"actions":["create"],"before":null,"after_unknown":true,"before_sensitive":false,"after_sensitive":false},"artifact_bucket_arn":{"actions":["create"],"before":null,"after_unknown":true,"before_sensitive":false,"after_sensitive":false},"artifact_bucket_name":{"actions":["create"],"before":null,"after":"go-server-template-000000000000-us-east-1-artifacts","after_unknown":false,"before_sensitive":false,"after_sensitive":false}},"prior_state":{"format_version":"1.0","terraform_version":"1.13.5","values":{"outputs":{"artifact_bucket_name":{"sensitive":false,"value":"go-server-template-000000000000-us-east-1-artifacts","type":"string"}},"root_module":{"resources":[{"address":"data.aws_caller_identity.current","mode":"data","type":"aws_caller_identity","name":"current","provider_name":"registry.terraform.io/hashicorp/aws","schema_version":0,"values":{"account_id":"000000000000","arn":"arn:aws:iam::000000000000:root","id":"000000000000","user_id":"AKIAIOSFODNN7EXAMPLE"},"sensitive_values":{}},{"address":"data.aws_region.current","mode":"data","type":"aws_region","name":"current","provider_name":"registry.terraform.io/hashicorp/aws","schema_version":0,"values":{"description":"US East (N. Virginia)","endpoint":"ec2.us-east-1.amazonaws.com","id":"us-east-1","name":"us-east-1","region":"us-east-1"},"sensitive_values":{}}]}}},"configuration":{"provider_config":{"aws":{"name":"aws","full_name":"registry.terraform.io/hashicorp/aws","version_constraint":"\u003e= 5.0.0","expressions":{"default_tags":[{"tags":{"references":["var.app_name"]}}],"region":{"references":["var.aws_region"]}}}},"root_module":{"outputs":{"app_runtime_role_arn":{"expression":{"references":["aws_iam_role.app_runtime.arn","aws_iam_role.app_runtime"]},"description":"IAM role ARN intended for future runtime (ECS task role)"},"artifact_bucket_arn":{"expression":{"references":["aws_s3_bucket.artifacts.arn","aws_s3_bucket.artifacts"]},"description":"ARN of the artifacts bucket"},"artifact_bucket_name":{"expression":{"references":["aws_s3_bucket.artifacts.bucket","aws_s3_bucket.artifacts"]},"description":"S3 bucket for build artifacts / static assets"}},"resources":[{"address":"aws_iam_role.app_runtime","mode":"managed","type":"aws_iam_role","name":"app_runtime","provider_config_key":"aws","expressions":{"assume_role_policy":{},"name":{"references":["var.app_name"]}},"schema_version":0},{"address":"aws_iam_role_policy.app_runtime_s3","mode":"managed","type":"aws_iam_role_policy","name":"app_runtime_s3","provider_config_key":"aws","expressions":{"name":{"references":["var.app_name"]},"policy":{"references":["aws_s3_bucket.artifacts.arn","aws_s3_bucket.artifacts","aws_s3_bucket.artifacts.arn","aws_s3_bucket.artifacts"]},"role":{"references":["aws_iam_role.app_runtime.id","aws_iam_role.app_runtime"]}},"schema_version":0},{"address":"aws_s3_bucket.artifacts","mode":"managed","type":"aws_s3_bucket","name":"artifacts","provider_config_key":"aws","expressions":{"bucket":{"references":["var.artifact_bucket_name","var.app_name","data.aws_caller_identity.current.account_id","data.aws_caller_identity.current","data.aws_region.current.name","data.aws_region.current"]},"force_destroy":{"constant_value":true}},"schema_version":0},{"address":"aws_s3_bucket_public_access_block.artifacts","mode":"managed","type":"aws_s3_bucket_public_access_block","name":"artifacts","provider_config_key":"aws","expressions":{"block_public_acls":{"constant_value":true},"block_public_policy":{"constant_value":true},"bucket":{"references":["aws_s3_bucket.artifacts.id","aws_s3_bucket.artifacts"]},"ignore_public_acls":{"constant_value":true},"restrict_public_buckets":{"constant_value":true}},"schema_version":0},{"address":"aws_s3_bucket_server_side_encryption_configuration.artifacts","mode":"managed","type":"aws_s3_bucket_server_side_encryption_configuration","name":"artifacts","provider_config_key":"aws","expressions":{"bucket":{"references":["aws_s3_bucket.artifacts.id","aws_s3_bucket.artifacts"]},"rule":[{"apply_server_side_encryption_by_default":[{"sse_algorithm":{"constant_value":"AES256"}}]}]},"schema_version":0},{"address":"aws_s3_bucket_versioning.artifacts","mode":"managed","type":"aws_s3_bucket_versioning","name":"artifacts","provider_config_key":"aws","expressions":{"bucket":{"references":["aws_s3_bucket.artifacts.id","aws_s3_bucket.artifacts"]},"versioning_configuration":[{"status":{"constant_value":"Enabled"}}]},"schema_version":0},{"address":"data.aws_caller_identity.current","mode":"data","type":"aws_caller_identity","name":"current","provider_config_key":"aws","schema_version":0},{"address":"data.aws_region.current","mode":"data","type":"aws_region","name":"current","provider_config_key":"aws","schema_version":0}],"variables":{"app_name":{"default":"go-server-template","description":"Application name used for naming/tagging"},"artifact_bucket_name":{"default":null,"description":"Optional explicit S3 bucket name for artifacts (leave null to auto-generate)"},"aws_region":{"default":"us-east-1","description":"AWS region to deploy into"}}}},"relevant_attributes":[{"resource":"data.aws_region.current","attribute":["name"]},{"resource":"aws_iam_role.app_runtime","attribute":["id"]},{"resource":"aws_s3_bucket.artifacts","attribute":["id"]},{"resource":"aws_iam_role.app_runtime","attribute":["arn"]},{"resource":"aws_s3_bucket.artifacts","attribute":["arn"]},{"resource":"data.aws_caller_identity.current","attribute":["account_id"]},{"resource":"aws_s3_bucket.artifacts","attribute":["bucket"]}],"timestamp":"2026-01-25T19:21:37Z","applyable":true,"complete":true,"errored":false}
