{"format_version":"1.2","terraform_version":"1.13.5","variables":{"DIGITALOCEAN_TOKEN":{"value":"infrastructure"}},"planned_values":{"root_module":{"resources":[{"address":"digitalocean_droplet.proxy[0]","mode":"managed","type":"digitalocean_droplet","name":"proxy","index":0,"provider_name":"registry.terraform.io/digitalocean/digitalocean","schema_version":1,"values":{"backup_policy":[],"backups":false,"droplet_agent":null,"graceful_shutdown":false,"image":"ubuntu-20-04-x64","ipv6":false,"monitoring":false,"name":"proxy-0","region":"ams3","resize_disk":true,"size":"s-1vcpu-1gb","ssh_keys":null,"tags":null,"timeouts":null,"user_data":"288eb6aa5738c015d6d10e54ef1f32405b6d345c"},"sensitive_values":{"backup_policy":[],"volume_ids":[]}},{"address":"digitalocean_droplet.proxy[1]","mode":"managed","type":"digitalocean_droplet","name":"proxy","index":1,"provider_name":"registry.terraform.io/digitalocean/digitalocean","schema_version":1,"values":{"backup_policy":[],"backups":false,"droplet_agent":null,"graceful_shutdown":false,"image":"ubuntu-20-04-x64","ipv6":false,"monitoring":false,"name":"proxy-1","region":"ams3","resize_disk":true,"size":"s-1vcpu-1gb","ssh_keys":null,"tags":null,"timeouts":null,"user_data":"288eb6aa5738c015d6d10e54ef1f32405b6d345c"},"sensitive_values":{"backup_policy":[],"volume_ids":[]}},{"address":"null_resource.output_ips_to_file","mode":"managed","type":"null_resource","name":"output_ips_to_file","provider_name":"registry.terraform.io/hashicorp/null","schema_version":0,"values":{"triggers":null},"sensitive_values":{}}]}},"resource_changes":[{"address":"digitalocean_droplet.proxy[0]","mode":"managed","type":"digitalocean_droplet","name":"proxy","index":0,"provider_name":"registry.terraform.io/digitalocean/digitalocean","change":{"actions":["create"],"before":null,"after":{"backup_policy":[],"backups":false,"droplet_agent":null,"graceful_shutdown":false,"image":"ubuntu-20-04-x64","ipv6":false,"monitoring":false,"name":"proxy-0","region":"ams3","resize_disk":true,"size":"s-1vcpu-1gb","ssh_keys":null,"tags":null,"timeouts":null,"user_data":"288eb6aa5738c015d6d10e54ef1f32405b6d345c"},"after_unknown":{"backup_policy":[],"created_at":true,"disk":true,"id":true,"ipv4_address":true,"ipv4_address_private":true,"ipv6_address":true,"locked":true,"memory":true,"price_hourly":true,"price_monthly":true,"private_networking":true,"status":true,"urn":true,"vcpus":true,"volume_ids":true,"vpc_uuid":true},"before_sensitive":false,"after_sensitive":{"backup_policy":[],"volume_ids":[]}}},{"address":"digitalocean_droplet.proxy[1]","mode":"managed","type":"digitalocean_droplet","name":"proxy","index":1,"provider_name":"registry.terraform.io/digitalocean/digitalocean","change":{"actions":["create"],"before":null,"after":{"backup_policy":[],"backups":false,"droplet_agent":null,"graceful_shutdown":false,"image":"ubuntu-20-04-x64","ipv6":false,"monitoring":false,"name":"proxy-1","region":"ams3","resize_disk":true,"size":"s-1vcpu-1gb","ssh_keys":null,"tags":null,"timeouts":null,"user_data":"288eb6aa5738c015d6d10e54ef1f32405b6d345c"},"after_unknown":{"backup_policy":[],"created_at":true,"disk":true,"id":true,"ipv4_address":true,"ipv4_address_private":true,"ipv6_address":true,"locked":true,"memory":true,"price_hourly":true,"price_monthly":true,"private_networking":true,"status":true,"urn":true,"vcpus":true,"volume_ids":true,"vpc_uuid":true},"before_sensitive":false,"after_sensitive":{"backup_policy":[],"volume_ids":[]}}},{"address":"null_resource.output_ips_to_file","mode":"managed","type":"null_resource","name":"output_ips_to_file","provider_name":"registry.terraform.io/hashicorp/null","change":{"actions":["create"],"before":null,"after":{"triggers":null},"after_unknown":{"id":true},"before_sensitive":false,"after_sensitive":{}}}],"configuration":{"provider_config":{"aws":{"name":"aws","full_name":"registry.terraform.io/hashicorp/aws","expressions":{"access_key":{"constant_value":"mock"},"endpoints":[{"apigateway":{"constant_value":"http://localhost:4566"},"apigatewayv2":{"constant_value":"http://localhost:4566"},"cloudwatch":{"constant_value":"http://localhost:4566"},"cloudwatchevents":{"constant_value":"http://localhost:4566"},"dynamodb":{"constant_value":"http://localhost:4566"},"ec2":{"constant_value":"http://localhost:4566"},"ecr":{"constant_value":"http://localhost:4566"},"ecrpublic":{"constant_value":"http://localhost:4566"},"ecs":{"constant_value":"http://localhost:4566"},"efs":{"constant_value":"http://localhost:4566"},"iam":{"constant_value":"http://localhost:4566"},"kinesis":{"constant_value":"http://localhost:4566"},"kms":{"constant_value":"http://localhost:4566"},"lambda":{"constant_value":"http://localhost:4566"},"logs":{"constant_value":"http://localhost:4566"},"route53":{"constant_value":"http://localhost:4566"},"s3":{"constant_value":"http://localhost:4566"},"s3control":{"constant_value":"http://localhost:4566"},"secretsmanager":{"constant_value":"http://localhost:4566"},"sns":{"constant_value":"http://localhost:4566"},"sqs":{"constant_value":"http://localhost:4566"},"ssm":{"constant_value":"http://localhost:4566"},"sts":{"constant_value":"http://localhost:4566"}}],"region":{"constant_value":"us-east-1"},"s3_use_path_style":{"constant_value":true},"secret_key":{"constant_value":"mock"},"skip_credentials_validation":{"constant_value":true},"skip_metadata_api_check":{"constant_value":true},"skip_region_validation":{"constant_value":true},"skip_requesting_account_id":{"constant_value":true}}},"digitalocean":{"name":"digitalocean","full_name":"registry.terraform.io/digitalocean/digitalocean","version_constraint":"~\u003e 2.0","expressions":{"token":{"references":["var.DIGITALOCEAN_TOKEN"]}}},"null":{"name":"null","full_name":"registry.terraform.io/hashicorp/null"}},"root_module":{"resources":[{"address":"digitalocean_droplet.proxy","mode":"managed","type":"digitalocean_droplet","name":"proxy","provider_config_key":"digitalocean","expressions":{"image":{"constant_value":"ubuntu-20-04-x64"},"name":{"references":["count.index"]},"region":{"constant_value":"ams3"},"size":{"constant_value":"s-1vcpu-1gb"},"user_data":{"constant_value":"#!/bin/bash\r\nsudo apt install nodejs -y\r\nsudo apt install npm -y\r\nsudo npm cache clean -f\r\nsudo npm install -g n\r\nsudo n stable\r\nnpm install -g pm2\r\ncd /home \u0026\u0026 mkdir proxy \u0026\u0026 cd proxy\r\ngit clone https://gist.github.com/EsteveSegura/1bfdc6ea1762a00e3baa5b5487370466\r\ncd /home/proxy/1bfdc6ea1762a00e3baa5b5487370466\r\npm2 start proxy.js\r\npm2 startup systemd\r\npm2 save\r\n"}},"schema_version":1,"count_expression":{"constant_value":2}},{"address":"null_resource.output_ips_to_file","mode":"managed","type":"null_resource","name":"output_ips_to_file","provider_config_key":"null","provisioners":[{"type":"local-exec","expressions":{"command":{"references":["digitalocean_droplet.proxy"]}}}],"schema_version":0}],"variables":{"DIGITALOCEAN_TOKEN":{"description":"DigitalOcean API Token"}}}},"timestamp":"2026-01-23T09:07:01Z","applyable":true,"complete":true,"errored":false}
