{
  "version": 4,
  "terraform_version": "1.13.5",
  "serial": 1,
  "lineage": "d255e69c-5842-b6be-1475-1361c4d323ab",
  "outputs": {
    "aws_region": {
      "value": "us-east-1",
      "type": "string"
    }
  },
  "resources": [
    {
      "mode": "managed",
      "type": "random_id",
      "name": "suffix",
      "provider": "provider[\"registry.terraform.io/hashicorp/random\"]",
      "instances": [
        {
          "schema_version": 0,
          "attributes": {
            "b64_std": "Im0vcQ==",
            "b64_url": "Im0vcQ",
            "byte_length": 4,
            "dec": "577580913",
            "hex": "226d2f71",
            "id": "Im0vcQ",
            "keepers": null,
            "prefix": null
          },
          "sensitive_attributes": [],
          "identity_schema_version": 0
        }
      ]
    }
  ],
  "check_results": null
}
