{
  "version": 4,
  "terraform_version": "1.13.5",
  "serial": 1,
  "lineage": "62367fb0-3d0d-b9b7-f83f-929891971a95",
  "outputs": {},
  "resources": [
    {
      "mode": "managed",
      "type": "random_id",
      "name": "suffix",
      "provider": "provider[\"registry.terraform.io/hashicorp/random\"]",
      "instances": [
        {
          "schema_version": 0,
          "attributes": {
            "b64_std": "TqtItA==",
            "b64_url": "TqtItA",
            "byte_length": 4,
            "dec": "1319848116",
            "hex": "4eab48b4",
            "id": "TqtItA",
            "keepers": null,
            "prefix": null
          },
          "sensitive_attributes": [],
          "identity_schema_version": 0
        }
      ]
    }
  ],
  "check_results": null
}
