data.aws_availability_zones.available: Reading...
data.aws_iam_policy_document.ecs_task_assume_role: Reading...
data.aws_iam_policy_document.ecs_task_assume_role: Read complete after 0s [id=1077804475]
data.aws_availability_zones.available: Read complete after 0s [id=us-east-1]

Terraform used the selected providers to generate the following execution
plan. Resource actions are indicated with the following symbols:
  + create
 <= read (data resources)

Terraform will perform the following actions:

  # data.aws_iam_policy_document.ecs_task_custom will be read during apply
  # (config refers to values not yet known)
 <= data "aws_iam_policy_document" "ecs_task_custom" {
      + id            = (known after apply)
      + json          = (known after apply)
      + minified_json = (known after apply)

      + statement {
          + actions   = [
              + "s3:GetObject",
              + "s3:ListBucket",
              + "s3:PutObject",
            ]
          + resources = [
              + (known after apply),
              + (known after apply),
            ]
        }
      + statement {
          + actions   = [
              + "rds:Connect",
              + "rds:DescribeDBInstances",
            ]
          + resources = [
              + "*",
            ]
        }
      + statement {
          + actions   = [
              + "secretsmanager:GetSecretValue",
            ]
          + resources = [
              + (known after apply),
            ]
        }
      + statement {
          + actions   = [
              + "logs:CreateLogGroup",
              + "logs:CreateLogStream",
              + "logs:PutLogEvents",
            ]
          + resources = [
              + "*",
            ]
        }
    }

  # aws_cloudwatch_log_group.ecs will be created
  + resource "aws_cloudwatch_log_group" "ecs" {
      + arn                         = (known after apply)
      + deletion_protection_enabled = (known after apply)
      + id                          = (known after apply)
      + log_group_class             = (known after apply)
      + name                        = "/ecs/prefect"
      + name_prefix                 = (known after apply)
      + region                      = "us-east-1"
      + retention_in_days           = 14
      + skip_destroy                = false
      + tags_all                    = (known after apply)
    }

  # aws_db_instance.main will be created
  + resource "aws_db_instance" "main" {
      + address                               = (known after apply)
      + allocated_storage                     = 20
      + apply_immediately                     = false
      + arn                                   = (known after apply)
      + auto_minor_version_upgrade            = true
      + availability_zone                     = (known after apply)
      + backup_retention_period               = (known after apply)
      + backup_target                         = (known after apply)
      + backup_window                         = (known after apply)
      + ca_cert_identifier                    = (known after apply)
      + character_set_name                    = (known after apply)
      + copy_tags_to_snapshot                 = false
      + database_insights_mode                = (known after apply)
      + db_name                               = "prefectdb"
      + db_subnet_group_name                  = "prefect-db-subnet-group"
      + dedicated_log_volume                  = false
      + delete_automated_backups              = true
      + domain_fqdn                           = (known after apply)
      + endpoint                              = (known after apply)
      + engine                                = "postgres"
      + engine_lifecycle_support              = (known after apply)
      + engine_version                        = "14.7"
      + engine_version_actual                 = (known after apply)
      + hosted_zone_id                        = (known after apply)
      + id                                    = (known after apply)
      + identifier                            = "prefect-db"
      + identifier_prefix                     = (known after apply)
      + instance_class                        = "db.t3.micro"
      + iops                                  = (known after apply)
      + kms_key_id                            = (known after apply)
      + latest_restorable_time                = (known after apply)
      + license_model                         = (known after apply)
      + listener_endpoint                     = (known after apply)
      + maintenance_window                    = (known after apply)
      + master_user_secret                    = (known after apply)
      + master_user_secret_kms_key_id         = (known after apply)
      + monitoring_interval                   = 0
      + monitoring_role_arn                   = (known after apply)
      + multi_az                              = true
      + nchar_character_set_name              = (known after apply)
      + network_type                          = (known after apply)
      + option_group_name                     = (known after apply)
      + parameter_group_name                  = (known after apply)
      + password                              = (sensitive value)
      + password_wo                           = (write-only attribute)
      + performance_insights_enabled          = false
      + performance_insights_kms_key_id       = (known after apply)
      + performance_insights_retention_period = (known after apply)
      + port                                  = (known after apply)
      + publicly_accessible                   = false
      + region                                = "us-east-1"
      + replica_mode                          = (known after apply)
      + replicas                              = (known after apply)
      + resource_id                           = (known after apply)
      + skip_final_snapshot                   = true
      + snapshot_identifier                   = (known after apply)
      + status                                = (known after apply)
      + storage_encrypted                     = true
      + storage_throughput                    = (known after apply)
      + storage_type                          = (known after apply)
      + tags                                  = {
          + "Name" = "prefect-db"
        }
      + tags_all                              = {
          + "Name" = "prefect-db"
        }
      + timezone                              = (known after apply)
      + upgrade_rollout_order                 = (known after apply)
      + username                              = "prefectadmin"
      + vpc_security_group_ids                = (known after apply)
    }

  # aws_db_subnet_group.main will be created
  + resource "aws_db_subnet_group" "main" {
      + arn                     = (known after apply)
      + description             = "Managed by Terraform"
      + id                      = (known after apply)
      + name                    = "prefect-db-subnet-group"
      + name_prefix             = (known after apply)
      + region                  = "us-east-1"
      + subnet_ids              = (known after apply)
      + supported_network_types = (known after apply)
      + tags                    = {
          + "Name" = "prefect-db-subnet-group"
        }
      + tags_all                = {
          + "Name" = "prefect-db-subnet-group"
        }
      + vpc_id                  = (known after apply)
    }

  # aws_ecs_cluster.main will be created
  + resource "aws_ecs_cluster" "main" {
      + arn      = (known after apply)
      + id       = (known after apply)
      + name     = "prefect-ecs-cluster"
      + region   = "us-east-1"
      + tags_all = (known after apply)

      + setting (known after apply)
    }

  # aws_ecs_service.prefect_agent will be created
  + resource "aws_ecs_service" "prefect_agent" {
      + arn                                = (known after apply)
      + availability_zone_rebalancing      = (known after apply)
      + cluster                            = (known after apply)
      + deployment_maximum_percent         = 200
      + deployment_minimum_healthy_percent = 100
      + desired_count                      = 1
      + enable_ecs_managed_tags            = false
      + enable_execute_command             = false
      + iam_role                           = (known after apply)
      + id                                 = (known after apply)
      + launch_type                        = "FARGATE"
      + name                               = "prefect-agent-service"
      + platform_version                   = (known after apply)
      + region                             = "us-east-1"
      + scheduling_strategy                = "REPLICA"
      + tags_all                           = (known after apply)
      + task_definition                    = (known after apply)
      + triggers                           = (known after apply)
      + wait_for_steady_state              = false

      + deployment_configuration (known after apply)

      + network_configuration {
          + assign_public_ip = false
          + security_groups  = (known after apply)
          + subnets          = (known after apply)
        }
    }

  # aws_ecs_task_definition.prefect_agent will be created
  + resource "aws_ecs_task_definition" "prefect_agent" {
      + arn                      = (known after apply)
      + arn_without_revision     = (known after apply)
      + container_definitions    = jsonencode(
            [
              + {
                  + environment      = [
                      + {
                          + name  = "PREFECT_API_URL"
                          + value = "https://api.prefect.cloud/api/accounts/your-account/workspaces/your-workspace"
                        },
                    ]
                  + essential        = true
                  + image            = "prefecthq/prefect:2.7.11-python3.9"
                  + logConfiguration = {
                      + logDriver = "awslogs"
                      + options   = {
                          + awslogs-group         = "/ecs/prefect"
                          + awslogs-region        = "us-east-1"
                          + awslogs-stream-prefix = "ecs"
                        }
                    }
                  + name             = "prefect-agent"
                },
            ]
        )
      + cpu                      = "512"
      + enable_fault_injection   = (known after apply)
      + execution_role_arn       = (known after apply)
      + family                   = "prefect-agent"
      + id                       = (known after apply)
      + memory                   = "1024"
      + network_mode             = "awsvpc"
      + region                   = "us-east-1"
      + requires_compatibilities = [
          + "FARGATE",
        ]
      + revision                 = (known after apply)
      + skip_destroy             = false
      + tags_all                 = (known after apply)
      + task_role_arn            = (known after apply)
      + track_latest             = false
    }

  # aws_eip.nat will be created
  + resource "aws_eip" "nat" {
      + allocation_id        = (known after apply)
      + arn                  = (known after apply)
      + association_id       = (known after apply)
      + carrier_ip           = (known after apply)
      + customer_owned_ip    = (known after apply)
      + domain               = (known after apply)
      + id                   = (known after apply)
      + instance             = (known after apply)
      + ipam_pool_id         = (known after apply)
      + network_border_group = (known after apply)
      + network_interface    = (known after apply)
      + private_dns          = (known after apply)
      + private_ip           = (known after apply)
      + ptr_record           = (known after apply)
      + public_dns           = (known after apply)
      + public_ip            = (known after apply)
      + public_ipv4_pool     = (known after apply)
      + region               = "us-east-1"
      + tags_all             = (known after apply)
    }

  # aws_iam_role.ecs_task_execution will be created
  + resource "aws_iam_role" "ecs_task_execution" {
      + arn                   = (known after apply)
      + assume_role_policy    = jsonencode(
            {
              + Statement = [
                  + {
                      + Action    = "sts:AssumeRole"
                      + Effect    = "Allow"
                      + Principal = {
                          + Service = "ecs-tasks.amazonaws.com"
                        }
                    },
                ]
              + Version   = "2012-10-17"
            }
        )
      + create_date           = (known after apply)
      + force_detach_policies = false
      + id                    = (known after apply)
      + managed_policy_arns   = (known after apply)
      + max_session_duration  = 3600
      + name                  = "prefect-ecs-task-execution-role"
      + name_prefix           = (known after apply)
      + path                  = "/"
      + tags_all              = (known after apply)
      + unique_id             = (known after apply)

      + inline_policy (known after apply)
    }

  # aws_iam_role_policy.ecs_task_custom will be created
  + resource "aws_iam_role_policy" "ecs_task_custom" {
      + id          = (known after apply)
      + name        = "prefect-ecs-task-custom-policy"
      + name_prefix = (known after apply)
      + policy      = (known after apply)
      + role        = (known after apply)
    }

  # aws_iam_role_policy_attachment.ecs_task_execution_policy will be created
  + resource "aws_iam_role_policy_attachment" "ecs_task_execution_policy" {
      + id         = (known after apply)
      + policy_arn = "arn:aws:iam::aws:policy/service-role/AmazonECSTaskExecutionRolePolicy"
      + role       = "prefect-ecs-task-execution-role"
    }

  # aws_internet_gateway.main will be created
  + resource "aws_internet_gateway" "main" {
      + arn      = (known after apply)
      + id       = (known after apply)
      + owner_id = (known after apply)
      + region   = "us-east-1"
      + tags     = {
          + "Name" = "prefect-igw"
        }
      + tags_all = {
          + "Name" = "prefect-igw"
        }
      + vpc_id   = (known after apply)
    }

  # aws_nat_gateway.main will be created
  + resource "aws_nat_gateway" "main" {
      + allocation_id                      = (known after apply)
      + association_id                     = (known after apply)
      + auto_provision_zones               = (known after apply)
      + auto_scaling_ips                   = (known after apply)
      + availability_mode                  = (known after apply)
      + connectivity_type                  = "public"
      + id                                 = (known after apply)
      + network_interface_id               = (known after apply)
      + private_ip                         = (known after apply)
      + public_ip                          = (known after apply)
      + region                             = "us-east-1"
      + regional_nat_gateway_address       = (known after apply)
      + regional_nat_gateway_auto_mode     = (known after apply)
      + route_table_id                     = (known after apply)
      + secondary_allocation_ids           = (known after apply)
      + secondary_private_ip_address_count = (known after apply)
      + secondary_private_ip_addresses     = (known after apply)
      + subnet_id                          = (known after apply)
      + tags                               = {
          + "Name" = "prefect-nat-gw"
        }
      + tags_all                           = {
          + "Name" = "prefect-nat-gw"
        }
      + vpc_id                             = (known after apply)
    }

  # aws_route.private_nat_gateway will be created
  + resource "aws_route" "private_nat_gateway" {
      + destination_cidr_block = "0.0.0.0/0"
      + id                     = (known after apply)
      + instance_id            = (known after apply)
      + instance_owner_id      = (known after apply)
      + nat_gateway_id         = (known after apply)
      + network_interface_id   = (known after apply)
      + origin                 = (known after apply)
      + region                 = "us-east-1"
      + route_table_id         = (known after apply)
      + state                  = (known after apply)
    }

  # aws_route.public_internet_access will be created
  + resource "aws_route" "public_internet_access" {
      + destination_cidr_block = "0.0.0.0/0"
      + gateway_id             = (known after apply)
      + id                     = (known after apply)
      + instance_id            = (known after apply)
      + instance_owner_id      = (known after apply)
      + network_interface_id   = (known after apply)
      + origin                 = (known after apply)
      + region                 = "us-east-1"
      + route_table_id         = (known after apply)
      + state                  = (known after apply)
    }

  # aws_route_table.private will be created
  + resource "aws_route_table" "private" {
      + arn              = (known after apply)
      + id               = (known after apply)
      + owner_id         = (known after apply)
      + propagating_vgws = (known after apply)
      + region           = "us-east-1"
      + route            = (known after apply)
      + tags             = {
          + "Name" = "prefect-private-rt"
        }
      + tags_all         = {
          + "Name" = "prefect-private-rt"
        }
      + vpc_id           = (known after apply)
    }

  # aws_route_table.public will be created
  + resource "aws_route_table" "public" {
      + arn              = (known after apply)
      + id               = (known after apply)
      + owner_id         = (known after apply)
      + propagating_vgws = (known after apply)
      + region           = "us-east-1"
      + route            = (known after apply)
      + tags             = {
          + "Name" = "prefect-public-rt"
        }
      + tags_all         = {
          + "Name" = "prefect-public-rt"
        }
      + vpc_id           = (known after apply)
    }

  # aws_route_table_association.private[0] will be created
  + resource "aws_route_table_association" "private" {
      + id             = (known after apply)
      + region         = "us-east-1"
      + route_table_id = (known after apply)
      + subnet_id      = (known after apply)
    }

  # aws_route_table_association.private[1] will be created
  + resource "aws_route_table_association" "private" {
      + id             = (known after apply)
      + region         = "us-east-1"
      + route_table_id = (known after apply)
      + subnet_id      = (known after apply)
    }

  # aws_route_table_association.public[0] will be created
  + resource "aws_route_table_association" "public" {
      + id             = (known after apply)
      + region         = "us-east-1"
      + route_table_id = (known after apply)
      + subnet_id      = (known after apply)
    }

  # aws_route_table_association.public[1] will be created
  + resource "aws_route_table_association" "public" {
      + id             = (known after apply)
      + region         = "us-east-1"
      + route_table_id = (known after apply)
      + subnet_id      = (known after apply)
    }

  # aws_s3_bucket.prefect will be created
  + resource "aws_s3_bucket" "prefect" {
      + acceleration_status         = (known after apply)
      + acl                         = (known after apply)
      + arn                         = (known after apply)
      + bucket                      = "bucket-full-of-sunshine-prefect-ecs-agent-bucket"
      + bucket_domain_name          = (known after apply)
      + bucket_prefix               = (known after apply)
      + bucket_region               = (known after apply)
      + bucket_regional_domain_name = (known after apply)
      + force_destroy               = true
      + hosted_zone_id              = (known after apply)
      + id                          = (known after apply)
      + object_lock_enabled         = (known after apply)
      + policy                      = (known after apply)
      + region                      = "us-east-1"
      + request_payer               = (known after apply)
      + tags                        = {
          + "Name" = "prefect-artifacts"
        }
      + tags_all                    = {
          + "Name" = "prefect-artifacts"
        }
      + website_domain              = (known after apply)
      + website_endpoint            = (known after apply)

      + cors_rule (known after apply)

      + grant (known after apply)

      + lifecycle_rule (known after apply)

      + logging (known after apply)

      + object_lock_configuration (known after apply)

      + replication_configuration (known after apply)

      + server_side_encryption_configuration {
          + rule {
              + apply_server_side_encryption_by_default {
                  + sse_algorithm = "AES256"
                }
            }
        }

      + versioning {
          + enabled    = true
          + mfa_delete = false
        }

      + website (known after apply)
    }

  # aws_s3_bucket_public_access_block.prefect will be created
  + resource "aws_s3_bucket_public_access_block" "prefect" {
      + block_public_acls       = true
      + block_public_policy     = true
      + bucket                  = (known after apply)
      + id                      = (known after apply)
      + ignore_public_acls      = true
      + region                  = "us-east-1"
      + restrict_public_buckets = true
    }

  # aws_secretsmanager_secret.db_credentials will be created
  + resource "aws_secretsmanager_secret" "db_credentials" {
      + arn                            = (known after apply)
      + force_overwrite_replica_secret = false
      + id                             = (known after apply)
      + name                           = "prefect-db-credentials"
      + name_prefix                    = (known after apply)
      + policy                         = (known after apply)
      + recovery_window_in_days        = 30
      + region                         = "us-east-1"
      + tags_all                       = (known after apply)

      + replica (known after apply)
    }

  # aws_secretsmanager_secret_version.db_credentials will be created
  + resource "aws_secretsmanager_secret_version" "db_credentials" {
      + arn                  = (known after apply)
      + has_secret_string_wo = (known after apply)
      + id                   = (known after apply)
      + region               = "us-east-1"
      + secret_id            = (known after apply)
      + secret_string        = (sensitive value)
      + secret_string_wo     = (write-only attribute)
      + version_id           = (known after apply)
      + version_stages       = (known after apply)
    }

  # aws_security_group.ecs will be created
  + resource "aws_security_group" "ecs" {
      + arn                    = (known after apply)
      + description            = "Allow ECS tasks communication"
      + egress                 = [
          + {
              + cidr_blocks      = [
                  + "0.0.0.0/0",
                ]
              + from_port        = 0
              + ipv6_cidr_blocks = []
              + prefix_list_ids  = []
              + protocol         = "-1"
              + security_groups  = []
              + self             = false
              + to_port          = 0
                # (1 unchanged attribute hidden)
            },
        ]
      + id                     = (known after apply)
      + ingress                = [
          + {
              + cidr_blocks      = []
              + from_port        = 0
              + ipv6_cidr_blocks = []
              + prefix_list_ids  = []
              + protocol         = "-1"
              + security_groups  = []
              + self             = true
              + to_port          = 0
                # (1 unchanged attribute hidden)
            },
        ]
      + name                   = "prefect-ecs-sg"
      + name_prefix            = (known after apply)
      + owner_id               = (known after apply)
      + region                 = "us-east-1"
      + revoke_rules_on_delete = false
      + tags                   = {
          + "Name" = "prefect-ecs-sg"
        }
      + tags_all               = {
          + "Name" = "prefect-ecs-sg"
        }
      + vpc_id                 = (known after apply)
    }

  # aws_security_group.rds will be created
  + resource "aws_security_group" "rds" {
      + arn                    = (known after apply)
      + description            = "Allow ECS tasks to access RDS"
      + egress                 = [
          + {
              + cidr_blocks      = [
                  + "0.0.0.0/0",
                ]
              + from_port        = 0
              + ipv6_cidr_blocks = []
              + prefix_list_ids  = []
              + protocol         = "-1"
              + security_groups  = []
              + self             = false
              + to_port          = 0
                # (1 unchanged attribute hidden)
            },
        ]
      + id                     = (known after apply)
      + ingress                = [
          + {
              + cidr_blocks      = []
              + from_port        = 5432
              + ipv6_cidr_blocks = []
              + prefix_list_ids  = []
              + protocol         = "tcp"
              + security_groups  = (known after apply)
              + self             = false
              + to_port          = 5432
                # (1 unchanged attribute hidden)
            },
        ]
      + name                   = "prefect-rds-sg"
      + name_prefix            = (known after apply)
      + owner_id               = (known after apply)
      + region                 = "us-east-1"
      + revoke_rules_on_delete = false
      + tags                   = {
          + "Name" = "prefect-rds-sg"
        }
      + tags_all               = {
          + "Name" = "prefect-rds-sg"
        }
      + vpc_id                 = (known after apply)
    }

  # aws_subnet.private[0] will be created
  + resource "aws_subnet" "private" {
      + arn                                            = (known after apply)
      + assign_ipv6_address_on_creation                = false
      + availability_zone                              = "us-east-1a"
      + availability_zone_id                           = (known after apply)
      + cidr_block                                     = "10.0.101.0/24"
      + enable_dns64                                   = false
      + enable_resource_name_dns_a_record_on_launch    = false
      + enable_resource_name_dns_aaaa_record_on_launch = false
      + id                                             = (known after apply)
      + ipv6_cidr_block_association_id                 = (known after apply)
      + ipv6_native                                    = false
      + map_public_ip_on_launch                        = false
      + owner_id                                       = (known after apply)
      + private_dns_hostname_type_on_launch            = (known after apply)
      + region                                         = "us-east-1"
      + tags                                           = {
          + "Name" = "prefect-private-subnet-1"
        }
      + tags_all                                       = {
          + "Name" = "prefect-private-subnet-1"
        }
      + vpc_id                                         = (known after apply)
    }

  # aws_subnet.private[1] will be created
  + resource "aws_subnet" "private" {
      + arn                                            = (known after apply)
      + assign_ipv6_address_on_creation                = false
      + availability_zone                              = "us-east-1b"
      + availability_zone_id                           = (known after apply)
      + cidr_block                                     = "10.0.102.0/24"
      + enable_dns64                                   = false
      + enable_resource_name_dns_a_record_on_launch    = false
      + enable_resource_name_dns_aaaa_record_on_launch = false
      + id                                             = (known after apply)
      + ipv6_cidr_block_association_id                 = (known after apply)
      + ipv6_native                                    = false
      + map_public_ip_on_launch                        = false
      + owner_id                                       = (known after apply)
      + private_dns_hostname_type_on_launch            = (known after apply)
      + region                                         = "us-east-1"
      + tags                                           = {
          + "Name" = "prefect-private-subnet-2"
        }
      + tags_all                                       = {
          + "Name" = "prefect-private-subnet-2"
        }
      + vpc_id                                         = (known after apply)
    }

  # aws_subnet.public[0] will be created
  + resource "aws_subnet" "public" {
      + arn                                            = (known after apply)
      + assign_ipv6_address_on_creation                = false
      + availability_zone                              = "us-east-1a"
      + availability_zone_id                           = (known after apply)
      + cidr_block                                     = "10.0.1.0/24"
      + enable_dns64                                   = false
      + enable_resource_name_dns_a_record_on_launch    = false
      + enable_resource_name_dns_aaaa_record_on_launch = false
      + id                                             = (known after apply)
      + ipv6_cidr_block_association_id                 = (known after apply)
      + ipv6_native                                    = false
      + map_public_ip_on_launch                        = true
      + owner_id                                       = (known after apply)
      + private_dns_hostname_type_on_launch            = (known after apply)
      + region                                         = "us-east-1"
      + tags                                           = {
          + "Name" = "prefect-public-subnet-1"
        }
      + tags_all                                       = {
          + "Name" = "prefect-public-subnet-1"
        }
      + vpc_id                                         = (known after apply)
    }

  # aws_subnet.public[1] will be created
  + resource "aws_subnet" "public" {
      + arn                                            = (known after apply)
      + assign_ipv6_address_on_creation                = false
      + availability_zone                              = "us-east-1b"
      + availability_zone_id                           = (known after apply)
      + cidr_block                                     = "10.0.2.0/24"
      + enable_dns64                                   = false
      + enable_resource_name_dns_a_record_on_launch    = false
      + enable_resource_name_dns_aaaa_record_on_launch = false
      + id                                             = (known after apply)
      + ipv6_cidr_block_association_id                 = (known after apply)
      + ipv6_native                                    = false
      + map_public_ip_on_launch                        = true
      + owner_id                                       = (known after apply)
      + private_dns_hostname_type_on_launch            = (known after apply)
      + region                                         = "us-east-1"
      + tags                                           = {
          + "Name" = "prefect-public-subnet-2"
        }
      + tags_all                                       = {
          + "Name" = "prefect-public-subnet-2"
        }
      + vpc_id                                         = (known after apply)
    }

  # aws_vpc.main will be created
  + resource "aws_vpc" "main" {
      + arn                                  = (known after apply)
      + cidr_block                           = "10.0.0.0/16"
      + default_network_acl_id               = (known after apply)
      + default_route_table_id               = (known after apply)
      + default_security_group_id            = (known after apply)
      + dhcp_options_id                      = (known after apply)
      + enable_dns_hostnames                 = true
      + enable_dns_support                   = true
      + enable_network_address_usage_metrics = (known after apply)
      + id                                   = (known after apply)
      + instance_tenancy                     = "default"
      + ipv6_association_id                  = (known after apply)
      + ipv6_cidr_block                      = (known after apply)
      + ipv6_cidr_block_network_border_group = (known after apply)
      + main_route_table_id                  = (known after apply)
      + owner_id                             = (known after apply)
      + region                               = "us-east-1"
      + tags                                 = {
          + "Name" = "prefect-vpc"
        }
      + tags_all                             = {
          + "Name" = "prefect-vpc"
        }
    }

  # random_password.db_password will be created
  + resource "random_password" "db_password" {
      + bcrypt_hash = (sensitive value)
      + id          = (known after apply)
      + length      = 16
      + lower       = true
      + min_lower   = 0
      + min_numeric = 0
      + min_special = 0
      + min_upper   = 0
      + number      = true
      + numeric     = true
      + result      = (sensitive value)
      + special     = true
      + upper       = true
    }

Plan: 32 to add, 0 to change, 0 to destroy.

Changes to Outputs:
  + ecs_cluster_name   = "prefect-ecs-cluster"
  + ecs_service_name   = "prefect-agent-service"
  + private_subnet_ids = [
      + (known after apply),
      + (known after apply),
    ]
  + public_subnet_ids  = [
      + (known after apply),
      + (known after apply),
    ]
  + rds_endpoint       = (known after apply)
  + s3_bucket_name     = "bucket-full-of-sunshine-prefect-ecs-agent-bucket"
  + vpc_id             = (known after apply)
random_password.db_password: Creating...
aws_cloudwatch_log_group.ecs: Creating...
aws_vpc.main: Creating...
aws_secretsmanager_secret.db_credentials: Creating...
aws_eip.nat: Creating...
aws_iam_role.ecs_task_execution: Creating...
aws_ecs_cluster.main: Creating...
aws_s3_bucket.prefect: Creating...
random_password.db_password: Creation complete after 0s [id=none]
aws_eip.nat: Creation complete after 0s [id=eipalloc-c91ecfb3dbdd34537]
aws_secretsmanager_secret.db_credentials: Creation complete after 0s [id=arn:aws:secretsmanager:us-east-1:000000000000:secret:prefect-db-credentials-cYGCNQ]
aws_secretsmanager_secret_version.db_credentials: Creating...
aws_secretsmanager_secret_version.db_credentials: Creation complete after 0s [id=arn:aws:secretsmanager:us-east-1:000000000000:secret:prefect-db-credentials-cYGCNQ|terraform-20260118095145507500000002]
aws_iam_role.ecs_task_execution: Creation complete after 1s [id=prefect-ecs-task-execution-role]
aws_iam_role_policy_attachment.ecs_task_execution_policy: Creating...
aws_iam_role_policy_attachment.ecs_task_execution_policy: Creation complete after 0s [id=prefect-ecs-task-execution-role/arn:aws:iam::aws:policy/service-role/AmazonECSTaskExecutionRolePolicy]
aws_cloudwatch_log_group.ecs: Creation complete after 1s [id=/ecs/prefect]
aws_ecs_task_definition.prefect_agent: Creating...
aws_ecs_task_definition.prefect_agent: Creation complete after 0s [id=prefect-agent]
aws_ecs_cluster.main: Still creating... [00m10s elapsed]
aws_vpc.main: Still creating... [00m10s elapsed]
aws_s3_bucket.prefect: Still creating... [00m10s elapsed]
aws_vpc.main: Creation complete after 10s [id=vpc-90689c3050ca28a8e]
aws_subnet.private[0]: Creating...
aws_internet_gateway.main: Creating...
aws_route_table.private: Creating...
aws_route_table.public: Creating...
aws_subnet.private[1]: Creating...
aws_subnet.public[0]: Creating...
aws_subnet.public[1]: Creating...
aws_security_group.ecs: Creating...
aws_subnet.private[0]: Creation complete after 0s [id=subnet-7e567dd9fb6262831]
aws_subnet.private[1]: Creation complete after 0s [id=subnet-5a91674d3d1444295]
aws_internet_gateway.main: Creation complete after 0s [id=igw-d8d698b7366ca2a47]
aws_db_subnet_group.main: Creating...
aws_route_table.public: Creation complete after 0s [id=rtb-95f6b8692d8b8960d]
aws_route_table.private: Creation complete after 0s [id=rtb-b512f15138ae444c4]
aws_route.public_internet_access: Creating...
aws_route_table_association.private[1]: Creating...
aws_route_table_association.private[0]: Creating...
aws_route_table_association.private[1]: Creation complete after 1s [id=rtbassoc-46ba34dee0850642e]
aws_route_table_association.private[0]: Creation complete after 1s [id=rtbassoc-cd6d8c6833a98195e]
aws_ecs_cluster.main: Creation complete after 11s [id=arn:aws:ecs:us-east-1:000000000000:cluster/prefect-ecs-cluster]
aws_route.public_internet_access: Creation complete after 1s [id=r-rtb-95f6b8692d8b8960d1080289494]
aws_security_group.ecs: Creation complete after 1s [id=sg-b6ff813222bf00880]
aws_security_group.rds: Creating...
aws_ecs_service.prefect_agent: Creating...
aws_db_subnet_group.main: Creation complete after 1s [id=prefect-db-subnet-group]
aws_security_group.rds: Creation complete after 0s [id=sg-a0bbd99424f2fffbb]
aws_db_instance.main: Creating...
aws_s3_bucket.prefect: Still creating... [00m20s elapsed]
aws_subnet.public[0]: Still creating... [00m10s elapsed]
aws_subnet.public[1]: Still creating... [00m10s elapsed]
aws_subnet.public[0]: Creation complete after 10s [id=subnet-aecfec5063c081cd5]
aws_subnet.public[1]: Creation complete after 10s [id=subnet-c4fa3cc885a5a7093]
aws_route_table_association.public[0]: Creating...
aws_route_table_association.public[1]: Creating...
aws_nat_gateway.main: Creating...
aws_route_table_association.public[0]: Creation complete after 0s [id=rtbassoc-6c0bb605bd0e3f80b]
aws_route_table_association.public[1]: Creation complete after 0s [id=rtbassoc-7a38010687efa6cce]
aws_nat_gateway.main: Creation complete after 0s [id=nat-1a8a1e0c1ca7f43a3]
aws_route.private_nat_gateway: Creating...
aws_route.private_nat_gateway: Creation complete after 0s [id=r-rtb-b512f15138ae444c41080289494]
aws_ecs_service.prefect_agent: Still creating... [00m10s elapsed]
aws_db_instance.main: Still creating... [00m10s elapsed]
aws_s3_bucket.prefect: Still creating... [00m30s elapsed]
aws_ecs_service.prefect_agent: Creation complete after 20s [id=arn:aws:ecs:us-east-1:000000000000:service/prefect-ecs-cluster/prefect-agent-service]
aws_db_instance.main: Still creating... [00m20s elapsed]
aws_s3_bucket.prefect: Still creating... [00m40s elapsed]
aws_db_instance.main: Still creating... [00m30s elapsed]
aws_s3_bucket.prefect: Still creating... [00m50s elapsed]
aws_db_instance.main: Still creating... [00m40s elapsed]
aws_s3_bucket.prefect: Still creating... [01m00s elapsed]
aws_db_instance.main: Still creating... [00m50s elapsed]
aws_s3_bucket.prefect: Still creating... [01m10s elapsed]
aws_db_instance.main: Still creating... [01m00s elapsed]
aws_s3_bucket.prefect: Still creating... [01m20s elapsed]
aws_db_instance.main: Still creating... [01m10s elapsed]
aws_s3_bucket.prefect: Still creating... [01m30s elapsed]
aws_db_instance.main: Still creating... [01m20s elapsed]
aws_db_instance.main: Creation complete after 1m27s [id=db-EF953F37]
aws_s3_bucket.prefect: Still creating... [01m40s elapsed]
aws_s3_bucket.prefect: Still creating... [01m50s elapsed]
aws_s3_bucket.prefect: Still creating... [02m00s elapsed]
aws_s3_bucket.prefect: Still creating... [02m10s elapsed]
aws_s3_bucket.prefect: Still creating... [02m20s elapsed]
aws_s3_bucket.prefect: Still creating... [02m30s elapsed]
aws_s3_bucket.prefect: Still creating... [02m40s elapsed]
aws_s3_bucket.prefect: Still creating... [02m50s elapsed]
aws_s3_bucket.prefect: Still creating... [03m00s elapsed]
aws_s3_bucket.prefect: Still creating... [03m10s elapsed]
aws_s3_bucket.prefect: Still creating... [03m20s elapsed]
aws_s3_bucket.prefect: Still creating... [03m30s elapsed]
aws_s3_bucket.prefect: Still creating... [03m40s elapsed]
aws_s3_bucket.prefect: Still creating... [03m50s elapsed]
aws_s3_bucket.prefect: Still creating... [04m00s elapsed]
aws_s3_bucket.prefect: Still creating... [04m10s elapsed]
aws_s3_bucket.prefect: Still creating... [04m20s elapsed]
aws_s3_bucket.prefect: Still creating... [04m30s elapsed]
aws_s3_bucket.prefect: Still creating... [04m40s elapsed]
aws_s3_bucket.prefect: Still creating... [04m50s elapsed]
aws_s3_bucket.prefect: Still creating... [05m00s elapsed]
aws_s3_bucket.prefect: Still creating... [05m10s elapsed]
aws_s3_bucket.prefect: Still creating... [05m20s elapsed]
aws_s3_bucket.prefect: Still creating... [05m30s elapsed]
aws_s3_bucket.prefect: Still creating... [05m40s elapsed]
aws_s3_bucket.prefect: Still creating... [05m50s elapsed]
aws_s3_bucket.prefect: Still creating... [06m00s elapsed]
aws_s3_bucket.prefect: Still creating... [06m10s elapsed]
aws_s3_bucket.prefect: Still creating... [06m20s elapsed]
aws_s3_bucket.prefect: Still creating... [06m30s elapsed]
aws_s3_bucket.prefect: Still creating... [06m40s elapsed]
aws_s3_bucket.prefect: Still creating... [06m50s elapsed]
aws_s3_bucket.prefect: Still creating... [07m00s elapsed]
aws_s3_bucket.prefect: Still creating... [07m10s elapsed]
aws_s3_bucket.prefect: Still creating... [07m20s elapsed]
aws_s3_bucket.prefect: Still creating... [07m30s elapsed]
aws_s3_bucket.prefect: Still creating... [07m40s elapsed]
aws_s3_bucket.prefect: Still creating... [07m50s elapsed]
aws_s3_bucket.prefect: Still creating... [08m00s elapsed]
aws_s3_bucket.prefect: Still creating... [08m10s elapsed]
aws_s3_bucket.prefect: Still creating... [08m20s elapsed]
aws_s3_bucket.prefect: Still creating... [08m30s elapsed]
aws_s3_bucket.prefect: Still creating... [08m40s elapsed]
aws_s3_bucket.prefect: Still creating... [08m50s elapsed]
aws_s3_bucket.prefect: Still creating... [09m00s elapsed]
aws_s3_bucket.prefect: Still creating... [09m10s elapsed]
aws_s3_bucket.prefect: Still creating... [09m20s elapsed]
aws_s3_bucket.prefect: Still creating... [09m30s elapsed]
aws_s3_bucket.prefect: Still creating... [09m40s elapsed]
aws_s3_bucket.prefect: Still creating... [09m50s elapsed]
aws_s3_bucket.prefect: Still creating... [10m00s elapsed]
aws_s3_bucket.prefect: Still creating... [10m10s elapsed]
aws_s3_bucket.prefect: Still creating... [10m20s elapsed]
aws_s3_bucket.prefect: Still creating... [10m30s elapsed]
aws_s3_bucket.prefect: Still creating... [10m40s elapsed]
aws_s3_bucket.prefect: Still creating... [10m50s elapsed]
aws_s3_bucket.prefect: Still creating... [11m00s elapsed]
aws_s3_bucket.prefect: Still creating... [11m10s elapsed]
aws_s3_bucket.prefect: Still creating... [11m20s elapsed]
aws_s3_bucket.prefect: Still creating... [11m30s elapsed]
aws_s3_bucket.prefect: Still creating... [11m40s elapsed]
aws_s3_bucket.prefect: Still creating... [11m50s elapsed]
aws_s3_bucket.prefect: Still creating... [12m00s elapsed]
aws_s3_bucket.prefect: Still creating... [12m10s elapsed]
aws_s3_bucket.prefect: Still creating... [12m20s elapsed]
aws_s3_bucket.prefect: Still creating... [12m30s elapsed]
aws_s3_bucket.prefect: Still creating... [12m40s elapsed]
aws_s3_bucket.prefect: Still creating... [12m50s elapsed]
aws_s3_bucket.prefect: Still creating... [13m00s elapsed]
aws_s3_bucket.prefect: Still creating... [13m10s elapsed]
aws_s3_bucket.prefect: Still creating... [13m20s elapsed]
aws_s3_bucket.prefect: Still creating... [13m30s elapsed]
aws_s3_bucket.prefect: Still creating... [13m40s elapsed]
aws_s3_bucket.prefect: Still creating... [13m50s elapsed]
aws_s3_bucket.prefect: Still creating... [14m00s elapsed]
aws_s3_bucket.prefect: Still creating... [14m10s elapsed]
aws_s3_bucket.prefect: Still creating... [14m20s elapsed]
aws_s3_bucket.prefect: Still creating... [14m30s elapsed]
aws_s3_bucket.prefect: Still creating... [14m40s elapsed]
aws_s3_bucket.prefect: Still creating... [14m50s elapsed]
aws_s3_bucket.prefect: Still creating... [15m00s elapsed]
aws_s3_bucket.prefect: Still creating... [15m10s elapsed]
aws_s3_bucket.prefect: Still creating... [15m20s elapsed]
aws_s3_bucket.prefect: Still creating... [15m30s elapsed]
aws_s3_bucket.prefect: Still creating... [15m40s elapsed]
aws_s3_bucket.prefect: Still creating... [15m50s elapsed]
aws_s3_bucket.prefect: Still creating... [16m00s elapsed]
aws_s3_bucket.prefect: Still creating... [16m10s elapsed]
aws_s3_bucket.prefect: Still creating... [16m20s elapsed]
aws_s3_bucket.prefect: Still creating... [16m30s elapsed]
aws_s3_bucket.prefect: Still creating... [16m40s elapsed]
aws_s3_bucket.prefect: Still creating... [16m50s elapsed]
aws_s3_bucket.prefect: Still creating... [17m00s elapsed]
aws_s3_bucket.prefect: Still creating... [17m10s elapsed]
aws_s3_bucket.prefect: Still creating... [17m20s elapsed]
aws_s3_bucket.prefect: Still creating... [17m30s elapsed]
aws_s3_bucket.prefect: Still creating... [17m40s elapsed]
aws_s3_bucket.prefect: Still creating... [17m50s elapsed]
aws_s3_bucket.prefect: Still creating... [18m00s elapsed]
aws_s3_bucket.prefect: Still creating... [18m10s elapsed]
aws_s3_bucket.prefect: Still creating... [18m20s elapsed]
aws_s3_bucket.prefect: Still creating... [18m30s elapsed]
aws_s3_bucket.prefect: Still creating... [18m40s elapsed]
aws_s3_bucket.prefect: Still creating... [18m50s elapsed]
aws_s3_bucket.prefect: Still creating... [19m00s elapsed]
aws_s3_bucket.prefect: Still creating... [19m10s elapsed]
aws_s3_bucket.prefect: Still creating... [19m20s elapsed]
aws_s3_bucket.prefect: Still creating... [19m30s elapsed]
aws_s3_bucket.prefect: Still creating... [19m40s elapsed]
aws_s3_bucket.prefect: Still creating... [19m50s elapsed]
aws_s3_bucket.prefect: Still creating... [20m00s elapsed]
aws_s3_bucket.prefect: Still creating... [20m11s elapsed]
aws_s3_bucket.prefect: Still creating... [20m21s elapsed]
aws_s3_bucket.prefect: Still creating... [20m31s elapsed]
aws_s3_bucket.prefect: Still creating... [20m41s elapsed]
aws_s3_bucket.prefect: Still creating... [20m51s elapsed]
aws_s3_bucket.prefect: Still creating... [21m01s elapsed]
aws_s3_bucket.prefect: Still creating... [21m11s elapsed]
aws_s3_bucket.prefect: Still creating... [21m21s elapsed]
aws_s3_bucket.prefect: Still creating... [21m31s elapsed]
aws_s3_bucket.prefect: Still creating... [21m41s elapsed]
aws_s3_bucket.prefect: Still creating... [21m51s elapsed]
aws_s3_bucket.prefect: Still creating... [22m01s elapsed]
aws_s3_bucket.prefect: Still creating... [22m11s elapsed]
aws_s3_bucket.prefect: Still creating... [22m21s elapsed]
aws_s3_bucket.prefect: Still creating... [22m31s elapsed]
aws_s3_bucket.prefect: Still creating... [22m41s elapsed]
aws_s3_bucket.prefect: Still creating... [22m51s elapsed]
aws_s3_bucket.prefect: Still creating... [23m01s elapsed]
aws_s3_bucket.prefect: Still creating... [23m11s elapsed]
aws_s3_bucket.prefect: Still creating... [23m21s elapsed]
aws_s3_bucket.prefect: Still creating... [23m31s elapsed]
aws_s3_bucket.prefect: Still creating... [23m41s elapsed]
aws_s3_bucket.prefect: Still creating... [23m51s elapsed]
aws_s3_bucket.prefect: Still creating... [24m01s elapsed]
aws_s3_bucket.prefect: Still creating... [24m11s elapsed]
aws_s3_bucket.prefect: Still creating... [24m21s elapsed]
aws_s3_bucket.prefect: Still creating... [24m31s elapsed]
aws_s3_bucket.prefect: Still creating... [24m41s elapsed]
aws_s3_bucket.prefect: Still creating... [24m51s elapsed]
aws_s3_bucket.prefect: Still creating... [25m01s elapsed]
aws_s3_bucket.prefect: Still creating... [25m11s elapsed]
aws_s3_bucket.prefect: Still creating... [25m21s elapsed]
aws_s3_bucket.prefect: Still creating... [25m31s elapsed]
aws_s3_bucket.prefect: Still creating... [25m41s elapsed]
aws_s3_bucket.prefect: Still creating... [25m51s elapsed]
aws_s3_bucket.prefect: Still creating... [26m01s elapsed]
aws_s3_bucket.prefect: Still creating... [26m11s elapsed]
aws_s3_bucket.prefect: Still creating... [26m21s elapsed]
aws_s3_bucket.prefect: Still creating... [26m31s elapsed]
aws_s3_bucket.prefect: Still creating... [26m41s elapsed]
aws_s3_bucket.prefect: Still creating... [26m51s elapsed]
aws_s3_bucket.prefect: Still creating... [27m01s elapsed]
aws_s3_bucket.prefect: Still creating... [27m11s elapsed]
aws_s3_bucket.prefect: Still creating... [27m21s elapsed]
aws_s3_bucket.prefect: Still creating... [27m31s elapsed]
aws_s3_bucket.prefect: Still creating... [27m41s elapsed]
aws_s3_bucket.prefect: Still creating... [27m51s elapsed]
aws_s3_bucket.prefect: Still creating... [28m01s elapsed]
aws_s3_bucket.prefect: Still creating... [28m11s elapsed]
aws_s3_bucket.prefect: Still creating... [28m21s elapsed]
aws_s3_bucket.prefect: Still creating... [28m31s elapsed]
aws_s3_bucket.prefect: Still creating... [28m41s elapsed]
aws_s3_bucket.prefect: Still creating... [28m51s elapsed]
aws_s3_bucket.prefect: Still creating... [29m01s elapsed]
aws_s3_bucket.prefect: Still creating... [29m11s elapsed]
aws_s3_bucket.prefect: Still creating... [29m21s elapsed]
aws_s3_bucket.prefect: Still creating... [29m31s elapsed]
aws_s3_bucket.prefect: Still creating... [29m41s elapsed]
aws_s3_bucket.prefect: Still creating... [29m51s elapsed]
aws_s3_bucket.prefect: Still creating... [30m01s elapsed]
aws_s3_bucket.prefect: Still creating... [30m11s elapsed]
aws_s3_bucket.prefect: Still creating... [30m21s elapsed]
aws_s3_bucket.prefect: Still creating... [30m31s elapsed]
aws_s3_bucket.prefect: Still creating... [30m41s elapsed]
aws_s3_bucket.prefect: Still creating... [30m51s elapsed]
aws_s3_bucket.prefect: Still creating... [31m01s elapsed]
aws_s3_bucket.prefect: Still creating... [31m11s elapsed]
aws_s3_bucket.prefect: Still creating... [31m21s elapsed]
aws_s3_bucket.prefect: Still creating... [31m31s elapsed]
aws_s3_bucket.prefect: Still creating... [31m41s elapsed]
aws_s3_bucket.prefect: Still creating... [31m51s elapsed]
aws_s3_bucket.prefect: Still creating... [32m01s elapsed]
aws_s3_bucket.prefect: Still creating... [32m11s elapsed]
aws_s3_bucket.prefect: Still creating... [32m21s elapsed]
aws_s3_bucket.prefect: Still creating... [32m31s elapsed]
aws_s3_bucket.prefect: Still creating... [32m41s elapsed]
aws_s3_bucket.prefect: Still creating... [32m51s elapsed]
aws_s3_bucket.prefect: Still creating... [33m01s elapsed]
aws_s3_bucket.prefect: Still creating... [33m11s elapsed]
aws_s3_bucket.prefect: Still creating... [33m21s elapsed]
aws_s3_bucket.prefect: Still creating... [33m31s elapsed]
aws_s3_bucket.prefect: Still creating... [33m41s elapsed]
aws_s3_bucket.prefect: Still creating... [33m51s elapsed]
aws_s3_bucket.prefect: Still creating... [34m01s elapsed]
aws_s3_bucket.prefect: Still creating... [34m11s elapsed]
aws_s3_bucket.prefect: Still creating... [34m21s elapsed]
aws_s3_bucket.prefect: Still creating... [34m31s elapsed]
aws_s3_bucket.prefect: Still creating... [34m41s elapsed]
aws_s3_bucket.prefect: Still creating... [34m51s elapsed]
aws_s3_bucket.prefect: Still creating... [35m01s elapsed]
aws_s3_bucket.prefect: Still creating... [35m11s elapsed]
aws_s3_bucket.prefect: Still creating... [35m21s elapsed]
aws_s3_bucket.prefect: Still creating... [35m31s elapsed]
aws_s3_bucket.prefect: Still creating... [35m41s elapsed]
aws_s3_bucket.prefect: Still creating... [35m51s elapsed]
aws_s3_bucket.prefect: Still creating... [36m01s elapsed]
aws_s3_bucket.prefect: Still creating... [36m11s elapsed]
aws_s3_bucket.prefect: Still creating... [36m21s elapsed]
aws_s3_bucket.prefect: Still creating... [36m31s elapsed]
aws_s3_bucket.prefect: Still creating... [36m41s elapsed]
aws_s3_bucket.prefect: Still creating... [36m51s elapsed]
aws_s3_bucket.prefect: Still creating... [37m01s elapsed]
aws_s3_bucket.prefect: Still creating... [37m11s elapsed]
aws_s3_bucket.prefect: Still creating... [37m21s elapsed]
aws_s3_bucket.prefect: Still creating... [37m31s elapsed]
aws_s3_bucket.prefect: Still creating... [37m41s elapsed]
aws_s3_bucket.prefect: Still creating... [37m51s elapsed]
aws_s3_bucket.prefect: Still creating... [38m01s elapsed]
aws_s3_bucket.prefect: Still creating... [38m11s elapsed]
aws_s3_bucket.prefect: Still creating... [38m21s elapsed]
aws_s3_bucket.prefect: Still creating... [38m31s elapsed]
aws_s3_bucket.prefect: Still creating... [38m41s elapsed]
aws_s3_bucket.prefect: Still creating... [38m51s elapsed]
aws_s3_bucket.prefect: Still creating... [39m01s elapsed]
aws_s3_bucket.prefect: Still creating... [39m11s elapsed]
aws_s3_bucket.prefect: Still creating... [39m21s elapsed]
aws_s3_bucket.prefect: Still creating... [39m31s elapsed]
aws_s3_bucket.prefect: Still creating... [39m41s elapsed]
aws_s3_bucket.prefect: Still creating... [39m51s elapsed]
aws_s3_bucket.prefect: Still creating... [40m01s elapsed]
aws_s3_bucket.prefect: Still creating... [40m11s elapsed]
aws_s3_bucket.prefect: Still creating... [40m21s elapsed]

Warning: Argument is deprecated

  with aws_s3_bucket.prefect,
  on s3.tf line 1, in resource "aws_s3_bucket" "prefect":
   1: resource "aws_s3_bucket" "prefect" {

versioning is deprecated. Use the aws_s3_bucket_versioning resource instead.

(and 5 more similar warnings elsewhere)
