data.aws_caller_identity.current: Reading...
data.aws_caller_identity.current: Read complete after 0s [id=000000000000]
data.aws_iam_policy_document.assume_role: Reading...
data.aws_iam_policy_document.assume_role: Read complete after 0s [id=2441728182]

Terraform used the selected providers to generate the following execution
plan. Resource actions are indicated with the following symbols:
  + create
 <= read (data resources)

Terraform will perform the following actions:

  # data.aws_iam_policy_document.assume_role_policy will be read during apply
  # (config refers to values not yet known)
 <= data "aws_iam_policy_document" "assume_role_policy" {
      + id            = (known after apply)
      + json          = (known after apply)
      + minified_json = (known after apply)

      + statement {
          + actions   = [
              + "sts:AssumeRole",
            ]
          + effect    = "Allow"
          + resources = [
              + (known after apply),
            ]
          + sid       = "AllowAssumeRole"
        }
    }

  # aws_iam_group.this will be created
  + resource "aws_iam_group" "this" {
      + arn       = (known after apply)
      + id        = (known after apply)
      + name      = "devops-challenge-group"
      + path      = "/"
      + unique_id = (known after apply)
    }

  # aws_iam_group_policy_attachment.this will be created
  + resource "aws_iam_group_policy_attachment" "this" {
      + group      = "devops-challenge-group"
      + id         = (known after apply)
      + policy_arn = (known after apply)
    }

  # aws_iam_policy.this will be created
  + resource "aws_iam_policy" "this" {
      + arn              = (known after apply)
      + attachment_count = (known after apply)
      + id               = (known after apply)
      + name             = "devops-challenge-policy"
      + name_prefix      = (known after apply)
      + path             = "/"
      + policy           = (known after apply)
      + policy_id        = (known after apply)
      + tags_all         = (known after apply)
    }

  # aws_iam_role.this will be created
  + resource "aws_iam_role" "this" {
      + arn                   = (known after apply)
      + assume_role_policy    = jsonencode(
            {
              + Statement = [
                  + {
                      + Action    = "sts:AssumeRole"
                      + Effect    = "Allow"
                      + Principal = {
                          + AWS = "arn:aws:iam::000000000000:root"
                        }
                      + Sid       = "AllowAccountUsersAssumeRole"
                    },
                ]
              + Version   = "2012-10-17"
            }
        )
      + create_date           = (known after apply)
      + force_detach_policies = false
      + id                    = (known after apply)
      + managed_policy_arns   = (known after apply)
      + max_session_duration  = 3600
      + name                  = "devops-challenge-role"
      + name_prefix           = (known after apply)
      + path                  = "/"
      + tags_all              = (known after apply)
      + unique_id             = (known after apply)

      + inline_policy (known after apply)
    }

  # aws_iam_user.this will be created
  + resource "aws_iam_user" "this" {
      + arn           = (known after apply)
      + force_destroy = false
      + id            = (known after apply)
      + name          = "devops-challenge-user"
      + path          = "/"
      + tags_all      = (known after apply)
      + unique_id     = (known after apply)
    }

  # aws_iam_user_group_membership.this will be created
  + resource "aws_iam_user_group_membership" "this" {
      + groups = [
          + "devops-challenge-group",
        ]
      + id     = (known after apply)
      + user   = "devops-challenge-user"
    }

Plan: 6 to add, 0 to change, 0 to destroy.

Changes to Outputs:
  + iam_group_name = "devops-challenge-group"
  + iam_policy_arn = (known after apply)
  + iam_role_arn   = (known after apply)
  + iam_role_name  = "devops-challenge-role"
  + iam_user_name  = "devops-challenge-user"
aws_iam_group.this: Creating...
aws_iam_user.this: Creating...
aws_iam_role.this: Creating...
aws_iam_user.this: Creation complete after 0s [id=devops-challenge-user]
aws_iam_group.this: Creation complete after 0s [id=devops-challenge-group]
aws_iam_role.this: Creation complete after 0s [id=devops-challenge-role]
data.aws_iam_policy_document.assume_role_policy: Reading...
aws_iam_user_group_membership.this: Creating...
data.aws_iam_policy_document.assume_role_policy: Read complete after 0s [id=3350028045]
aws_iam_user_group_membership.this: Creation complete after 0s [id=terraform-20260127100010319200000001]
aws_iam_policy.this: Creating...
aws_iam_policy.this: Creation complete after 0s [id=arn:aws:iam::000000000000:policy/devops-challenge-policy]
aws_iam_group_policy_attachment.this: Creating...
aws_iam_group_policy_attachment.this: Creation complete after 0s [id=devops-challenge-group-20260127100010361900000002]

Apply complete! Resources: 6 added, 0 changed, 0 destroyed.

Outputs:

iam_group_name = "devops-challenge-group"
iam_policy_arn = "arn:aws:iam::000000000000:policy/devops-challenge-policy"
iam_role_arn = "arn:aws:iam::000000000000:role/devops-challenge-role"
iam_role_name = "devops-challenge-role"
iam_user_name = "devops-challenge-user"
