{"format_version":"1.2","terraform_version":"1.13.5","variables":{"aws_region":{"value":"us-east-1"},"name":{"value":"devops-challenge"},"tags":{"value":{}},"use_suffixes":{"value":true}},"planned_values":{"outputs":{"iam_group_name":{"sensitive":false,"type":"string","value":"devops-challenge-group"},"iam_policy_arn":{"sensitive":false},"iam_role_arn":{"sensitive":false},"iam_role_name":{"sensitive":false,"type":"string","value":"devops-challenge-role"},"iam_user_name":{"sensitive":false,"type":"string","value":"devops-challenge-user"}},"root_module":{"resources":[{"address":"aws_iam_group.this","mode":"managed","type":"aws_iam_group","name":"this","provider_name":"registry.terraform.io/hashicorp/aws","schema_version":0,"values":{"name":"devops-challenge-group","path":"/"},"sensitive_values":{}},{"address":"aws_iam_group_policy_attachment.this","mode":"managed","type":"aws_iam_group_policy_attachment","name":"this","provider_name":"registry.terraform.io/hashicorp/aws","schema_version":0,"values":{"group":"devops-challenge-group"},"sensitive_values":{}},{"address":"aws_iam_policy.this","mode":"managed","type":"aws_iam_policy","name":"this","provider_name":"registry.terraform.io/hashicorp/aws","schema_version":0,"values":{"delay_after_policy_creation_in_ms":null,"description":null,"name":"devops-challenge-policy","path":"/","tags":null},"sensitive_values":{"tags_all":{}},"identity_schema_version":0,"identity":{"arn":null}},{"address":"aws_iam_role.this","mode":"managed","type":"aws_iam_role","name":"this","provider_name":"registry.terraform.io/hashicorp/aws","schema_version":0,"values":{"assume_role_policy":"{\"Statement\":[{\"Action\":\"sts:AssumeRole\",\"Effect\":\"Allow\",\"Principal\":{\"AWS\":\"arn:aws:iam::000000000000:root\"},\"Sid\":\"AllowAccountUsersAssumeRole\"}],\"Version\":\"2012-10-17\"}","description":null,"force_detach_policies":false,"max_session_duration":3600,"name":"devops-challenge-role","path":"/","permissions_boundary":null,"tags":null},"sensitive_values":{"inline_policy":[],"managed_policy_arns":[],"tags_all":{}},"identity_schema_version":0,"identity":{"account_id":null,"name":null}},{"address":"aws_iam_user.this","mode":"managed","type":"aws_iam_user","name":"this","provider_name":"registry.terraform.io/hashicorp/aws","schema_version":0,"values":{"force_destroy":false,"name":"devops-challenge-user","path":"/","permissions_boundary":null,"tags":null},"sensitive_values":{"tags_all":{}}},{"address":"aws_iam_user_group_membership.this","mode":"managed","type":"aws_iam_user_group_membership","name":"this","provider_name":"registry.terraform.io/hashicorp/aws","schema_version":0,"values":{"groups":["devops-challenge-group"],"user":"devops-challenge-user"},"sensitive_values":{"groups":[false]}},{"address":"data.aws_iam_policy_document.assume_role_policy","mode":"data","type":"aws_iam_policy_document","name":"assume_role_policy","provider_name":"registry.terraform.io/hashicorp/aws","schema_version":0,"values":{"override_json":null,"override_policy_documents":null,"policy_id":null,"source_json":null,"source_policy_documents":null,"statement":[{"actions":["sts:AssumeRole"],"condition":[],"effect":"Allow","not_actions":null,"not_principals":[],"not_resources":null,"principals":[],"resources":[null],"sid":"AllowAssumeRole"}],"version":null},"sensitive_values":{"statement":[{"actions":[false],"condition":[],"not_principals":[],"principals":[],"resources":[false]}]}}]}},"resource_changes":[{"address":"data.aws_iam_policy_document.assume_role_policy","mode":"data","type":"aws_iam_policy_document","name":"assume_role_policy","provider_name":"registry.terraform.io/hashicorp/aws","change":{"actions":["read"],"before":null,"after":{"override_json":null,"override_policy_documents":null,"policy_id":null,"source_json":null,"source_policy_documents":null,"statement":[{"actions":["sts:AssumeRole"],"condition":[],"effect":"Allow","not_actions":null,"not_principals":[],"not_resources":null,"principals":[],"resources":[null],"sid":"AllowAssumeRole"}],"version":null},"after_unknown":{"id":true,"json":true,"minified_json":true,"statement":[{"actions":[false],"condition":[],"not_principals":[],"principals":[],"resources":[true]}]},"before_sensitive":false,"after_sensitive":{"statement":[{"actions":[false],"condition":[],"not_principals":[],"principals":[],"resources":[false]}]}},"action_reason":"read_because_config_unknown"},{"address":"aws_iam_group.this","mode":"managed","type":"aws_iam_group","name":"this","provider_name":"registry.terraform.io/hashicorp/aws","change":{"actions":["create"],"before":null,"after":{"name":"devops-challenge-group","path":"/"},"after_unknown":{"arn":true,"id":true,"unique_id":true},"before_sensitive":false,"after_sensitive":{}}},{"address":"aws_iam_group_policy_attachment.this","mode":"managed","type":"aws_iam_group_policy_attachment","name":"this","provider_name":"registry.terraform.io/hashicorp/aws","change":{"actions":["create"],"before":null,"after":{"group":"devops-challenge-group"},"after_unknown":{"id":true,"policy_arn":true},"before_sensitive":false,"after_sensitive":{}}},{"address":"aws_iam_policy.this","mode":"managed","type":"aws_iam_policy","name":"this","provider_name":"registry.terraform.io/hashicorp/aws","change":{"actions":["create"],"before":null,"after":{"delay_after_policy_creation_in_ms":null,"description":null,"name":"devops-challenge-policy","path":"/","tags":null},"after_unknown":{"arn":true,"attachment_count":true,"id":true,"name_prefix":true,"policy":true,"policy_id":true,"tags_all":true},"before_sensitive":false,"after_sensitive":{"tags_all":{}},"after_identity":{"arn":null}}},{"address":"aws_iam_role.this","mode":"managed","type":"aws_iam_role","name":"this","provider_name":"registry.terraform.io/hashicorp/aws","change":{"actions":["create"],"before":null,"after":{"assume_role_policy":"{\"Statement\":[{\"Action\":\"sts:AssumeRole\",\"Effect\":\"Allow\",\"Principal\":{\"AWS\":\"arn:aws:iam::000000000000:root\"},\"Sid\":\"AllowAccountUsersAssumeRole\"}],\"Version\":\"2012-10-17\"}","description":null,"force_detach_policies":false,"max_session_duration":3600,"name":"devops-challenge-role","path":"/","permissions_boundary":null,"tags":null},"after_unknown":{"arn":true,"create_date":true,"id":true,"inline_policy":true,"managed_policy_arns":true,"name_prefix":true,"tags_all":true,"unique_id":true},"before_sensitive":false,"after_sensitive":{"inline_policy":[],"managed_policy_arns":[],"tags_all":{}},"after_identity":{"account_id":null,"name":null}}},{"address":"aws_iam_user.this","mode":"managed","type":"aws_iam_user","name":"this","provider_name":"registry.terraform.io/hashicorp/aws","change":{"actions":["create"],"before":null,"after":{"force_destroy":false,"name":"devops-challenge-user","path":"/","permissions_boundary":null,"tags":null},"after_unknown":{"arn":true,"id":true,"tags_all":true,"unique_id":true},"before_sensitive":false,"after_sensitive":{"tags_all":{}}}},{"address":"aws_iam_user_group_membership.this","mode":"managed","type":"aws_iam_user_group_membership","name":"this","provider_name":"registry.terraform.io/hashicorp/aws","change":{"actions":["create"],"before":null,"after":{"groups":["devops-challenge-group"],"user":"devops-challenge-user"},"after_unknown":{"groups":[false],"id":true},"before_sensitive":false,"after_sensitive":{"groups":[false]}}}],"output_changes":{"iam_group_name":{"actions":["create"],"before":null,"after":"devops-challenge-group","after_unknown":false,"before_sensitive":false,"after_sensitive":false},"iam_policy_arn":{"actions":["create"],"before":null,"after_unknown":true,"before_sensitive":false,"after_sensitive":false},"iam_role_arn":{"actions":["create"],"before":null,"after_unknown":true,"before_sensitive":false,"after_sensitive":false},"iam_role_name":{"actions":["create"],"before":null,"after":"devops-challenge-role","after_unknown":false,"before_sensitive":false,"after_sensitive":false},"iam_user_name":{"actions":["create"],"before":null,"after":"devops-challenge-user","after_unknown":false,"before_sensitive":false,"after_sensitive":false}},"prior_state":{"format_version":"1.0","terraform_version":"1.13.5","values":{"outputs":{"iam_group_name":{"sensitive":false,"value":"devops-challenge-group","type":"string"},"iam_role_name":{"sensitive":false,"value":"devops-challenge-role","type":"string"},"iam_user_name":{"sensitive":false,"value":"devops-challenge-user","type":"string"}},"root_module":{"resources":[{"address":"data.aws_caller_identity.current","mode":"data","type":"aws_caller_identity","name":"current","provider_name":"registry.terraform.io/hashicorp/aws","schema_version":0,"values":{"account_id":"000000000000","arn":"arn:aws:iam::000000000000:root","id":"000000000000","user_id":"AKIAIOSFODNN7EXAMPLE"},"sensitive_values":{}},{"address":"data.aws_iam_policy_document.assume_role","mode":"data","type":"aws_iam_policy_document","name":"assume_role","provider_name":"registry.terraform.io/hashicorp/aws","schema_version":0,"values":{"id":"2441728182","json":"{\n  \"Version\": \"2012-10-17\",\n  \"Statement\": [\n    {\n      \"Sid\": \"AllowAccountUsersAssumeRole\",\n      \"Effect\": \"Allow\",\n      \"Action\": \"sts:AssumeRole\",\n      \"Principal\": {\n        \"AWS\": \"arn:aws:iam::000000000000:root\"\n      }\n    }\n  ]\n}","minified_json":"{\"Version\":\"2012-10-17\",\"Statement\":[{\"Sid\":\"AllowAccountUsersAssumeRole\",\"Effect\":\"Allow\",\"Action\":\"sts:AssumeRole\",\"Principal\":{\"AWS\":\"arn:aws:iam::000000000000:root\"}}]}","override_json":null,"override_policy_documents":null,"policy_id":null,"source_json":null,"source_policy_documents":null,"statement":[{"actions":["sts:AssumeRole"],"condition":[],"effect":"Allow","not_actions":[],"not_principals":[],"not_resources":[],"principals":[{"identifiers":["arn:aws:iam::000000000000:root"],"type":"AWS"}],"resources":[],"sid":"AllowAccountUsersAssumeRole"}],"version":"2012-10-17"},"sensitive_values":{"statement":[{"actions":[false],"condition":[],"not_actions":[],"not_principals":[],"not_resources":[],"principals":[{"identifiers":[false]}],"resources":[]}]}}]}}},"configuration":{"provider_config":{"aws":{"name":"aws","full_name":"registry.terraform.io/hashicorp/aws","version_constraint":"\u003e= 5.0.0","expressions":{"region":{"references":["var.aws_region"]}}}},"root_module":{"outputs":{"iam_group_name":{"expression":{"references":["aws_iam_group.this.name","aws_iam_group.this"]},"description":"Created IAM group name."},"iam_policy_arn":{"expression":{"references":["aws_iam_policy.this.arn","aws_iam_policy.this"]},"description":"Created IAM policy ARN."},"iam_role_arn":{"expression":{"references":["aws_iam_role.this.arn","aws_iam_role.this"]},"description":"Created IAM role ARN."},"iam_role_name":{"expression":{"references":["aws_iam_role.this.name","aws_iam_role.this"]},"description":"Created IAM role name."},"iam_user_name":{"expression":{"references":["aws_iam_user.this.name","aws_iam_user.this"]},"description":"Created IAM user name."}},"resources":[{"address":"aws_iam_group.this","mode":"managed","type":"aws_iam_group","name":"this","provider_config_key":"aws","expressions":{"name":{"references":["local.group_name"]}},"schema_version":0},{"address":"aws_iam_group_policy_attachment.this","mode":"managed","type":"aws_iam_group_policy_attachment","name":"this","provider_config_key":"aws","expressions":{"group":{"references":["aws_iam_group.this.name","aws_iam_group.this"]},"policy_arn":{"references":["aws_iam_policy.this.arn","aws_iam_policy.this"]}},"schema_version":0},{"address":"aws_iam_policy.this","mode":"managed","type":"aws_iam_policy","name":"this","provider_config_key":"aws","expressions":{"name":{"references":["local.policy_name"]},"policy":{"references":["data.aws_iam_policy_document.assume_role_policy.json","data.aws_iam_policy_document.assume_role_policy"]},"tags":{"references":["var.tags"]}},"schema_version":0},{"address":"aws_iam_role.this","mode":"managed","type":"aws_iam_role","name":"this","provider_config_key":"aws","expressions":{"assume_role_policy":{"references":["data.aws_iam_policy_document.assume_role.json","data.aws_iam_policy_document.assume_role"]},"name":{"references":["local.role_name"]},"tags":{"references":["var.tags"]}},"schema_version":0},{"address":"aws_iam_user.this","mode":"managed","type":"aws_iam_user","name":"this","provider_config_key":"aws","expressions":{"name":{"references":["local.user_name"]},"tags":{"references":["var.tags"]}},"schema_version":0},{"address":"aws_iam_user_group_membership.this","mode":"managed","type":"aws_iam_user_group_membership","name":"this","provider_config_key":"aws","expressions":{"groups":{"references":["aws_iam_group.this.name","aws_iam_group.this"]},"user":{"references":["aws_iam_user.this.name","aws_iam_user.this"]}},"schema_version":0},{"address":"data.aws_caller_identity.current","mode":"data","type":"aws_caller_identity","name":"current","provider_config_key":"aws","schema_version":0},{"address":"data.aws_iam_policy_document.assume_role","mode":"data","type":"aws_iam_policy_document","name":"assume_role","provider_config_key":"aws","expressions":{"statement":[{"actions":{"constant_value":["sts:AssumeRole"]},"effect":{"constant_value":"Allow"},"principals":[{"identifiers":{"references":["data.aws_caller_identity.current.account_id","data.aws_caller_identity.current"]},"type":{"constant_value":"AWS"}}],"sid":{"constant_value":"AllowAccountUsersAssumeRole"}}]},"schema_version":0},{"address":"data.aws_iam_policy_document.assume_role_policy","mode":"data","type":"aws_iam_policy_document","name":"assume_role_policy","provider_config_key":"aws","expressions":{"statement":[{"actions":{"constant_value":["sts:AssumeRole"]},"effect":{"constant_value":"Allow"},"resources":{"references":["aws_iam_role.this.arn","aws_iam_role.this"]},"sid":{"constant_value":"AllowAssumeRole"}}]},"schema_version":0}],"variables":{"aws_region":{"default":"us-east-1","description":"AWS region to deploy into."},"name":{"default":"devops-challenge","description":"Base name used for IAM entities (role, policy, group, user)."},"tags":{"default":{},"description":"Tags to apply to taggable resources."},"use_suffixes":{"default":true,"description":"If true, append -role/-policy/-group/-user suffixes. If false, use the same base name for all entities."}}}},"relevant_attributes":[{"resource":"aws_iam_policy.this","attribute":["arn"]},{"resource":"aws_iam_role.this","attribute":["name"]},{"resource":"data.aws_iam_policy_document.assume_role","attribute":["json"]},{"resource":"aws_iam_group.this","attribute":["name"]},{"resource":"aws_iam_user.this","attribute":["name"]},{"resource":"data.aws_iam_policy_document.assume_role_policy","attribute":["json"]},{"resource":"aws_iam_role.this","attribute":["arn"]}],"timestamp":"2026-01-27T10:00:06Z","applyable":true,"complete":true,"errored":false}
