{
  "version": 4,
  "terraform_version": "1.13.5",
  "serial": 1,
  "lineage": "89f069b5-dedd-8066-af3b-78e79da00a8f",
  "outputs": {},
  "resources": [
    {
      "mode": "managed",
      "type": "random_id",
      "name": "suffix",
      "provider": "provider[\"registry.terraform.io/hashicorp/random\"]",
      "instances": [
        {
          "schema_version": 0,
          "attributes": {
            "b64_std": "OWt1Yw==",
            "b64_url": "OWt1Yw",
            "byte_length": 4,
            "dec": "963343715",
            "hex": "396b7563",
            "id": "OWt1Yw",
            "keepers": null,
            "prefix": null
          },
          "sensitive_attributes": [],
          "identity_schema_version": 0
        }
      ]
    }
  ],
  "check_results": null
}
