data.archive_file.lambda_zip: Reading...
data.archive_file.lambda_dummy: Reading...
data.archive_file.lambda_zip: Read complete after 0s [id=c9e6bb8a18c88e08829d86910f3e6ab335d8a2f5]
data.archive_file.lambda_dummy: Read complete after 0s [id=58e93fade67637870be5af38eff8d5aa66c7da49]
data.aws_region.current: Reading...
data.aws_caller_identity.current: Reading...
data.aws_region.current: Read complete after 0s [id=ap-south-1]
data.aws_caller_identity.current: Read complete after 0s [id=000000000000]

Terraform used the selected providers to generate the following execution
plan. Resource actions are indicated with the following symbols:
  + create

Terraform will perform the following actions:

  # aws_apigatewayv2_api.http will be created
  + resource "aws_apigatewayv2_api" "http" {
      + api_endpoint                 = (known after apply)
      + api_key_selection_expression = "$request.header.x-api-key"
      + arn                          = (known after apply)
      + execution_arn                = (known after apply)
      + id                           = (known after apply)
      + ip_address_type              = (known after apply)
      + name                         = "lambda-api-http-api"
      + protocol_type                = "HTTP"
      + region                       = "ap-south-1"
      + route_selection_expression   = "$request.method $request.path"
      + tags_all                     = {
          + "App" = "lambda-api"
        }
    }

  # aws_apigatewayv2_integration.lambda will be created
  + resource "aws_apigatewayv2_integration" "lambda" {
      + api_id                                    = (known after apply)
      + connection_type                           = "INTERNET"
      + id                                        = (known after apply)
      + integration_response_selection_expression = (known after apply)
      + integration_type                          = "AWS_PROXY"
      + integration_uri                           = (known after apply)
      + payload_format_version                    = "2.0"
      + region                                    = "ap-south-1"
      + timeout_milliseconds                      = (known after apply)
    }

  # aws_apigatewayv2_route.folder will be created
  + resource "aws_apigatewayv2_route" "folder" {
      + api_id             = (known after apply)
      + api_key_required   = false
      + authorization_type = "NONE"
      + id                 = (known after apply)
      + region             = "ap-south-1"
      + route_key          = "GET /list-bucket-content/{folder}"
      + target             = (known after apply)
    }

  # aws_apigatewayv2_route.root will be created
  + resource "aws_apigatewayv2_route" "root" {
      + api_id             = (known after apply)
      + api_key_required   = false
      + authorization_type = "NONE"
      + id                 = (known after apply)
      + region             = "ap-south-1"
      + route_key          = "GET /list-bucket-content"
      + target             = (known after apply)
    }

  # aws_apigatewayv2_stage.v1 will be created
  + resource "aws_apigatewayv2_stage" "v1" {
      + api_id        = (known after apply)
      + arn           = (known after apply)
      + auto_deploy   = true
      + deployment_id = (known after apply)
      + execution_arn = (known after apply)
      + id            = (known after apply)
      + invoke_url    = (known after apply)
      + name          = "v1"
      + region        = "ap-south-1"
      + tags_all      = {
          + "App" = "lambda-api"
        }
    }

  # aws_cloudwatch_log_group.lambda will be created
  + resource "aws_cloudwatch_log_group" "lambda" {
      + arn                         = (known after apply)
      + deletion_protection_enabled = (known after apply)
      + id                          = (known after apply)
      + log_group_class             = (known after apply)
      + name                        = "/aws/lambda/lambda-api"
      + name_prefix                 = (known after apply)
      + region                      = "ap-south-1"
      + retention_in_days           = 7
      + skip_destroy                = false
      + tags_all                    = {
          + "App" = "lambda-api"
        }
    }

  # aws_iam_role.lambda will be created
  + resource "aws_iam_role" "lambda" {
      + arn                   = (known after apply)
      + assume_role_policy    = jsonencode(
            {
              + Statement = [
                  + {
                      + Action    = "sts:AssumeRole"
                      + Effect    = "Allow"
                      + Principal = {
                          + Service = "lambda.amazonaws.com"
                        }
                    },
                ]
              + Version   = "2012-10-17"
            }
        )
      + create_date           = (known after apply)
      + force_detach_policies = false
      + id                    = (known after apply)
      + managed_policy_arns   = (known after apply)
      + max_session_duration  = 3600
      + name                  = "lambda-api-lambda-role"
      + name_prefix           = (known after apply)
      + path                  = "/"
      + tags_all              = {
          + "App" = "lambda-api"
        }
      + unique_id             = (known after apply)

      + inline_policy (known after apply)
    }

  # aws_iam_role_policy.lambda will be created
  + resource "aws_iam_role_policy" "lambda" {
      + id          = (known after apply)
      + name        = "lambda-api-lambda-policy"
      + name_prefix = (known after apply)
      + policy      = (known after apply)
      + role        = (known after apply)
    }

  # aws_lambda_function.this will be created
  + resource "aws_lambda_function" "this" {
      + architectures                  = (known after apply)
      + arn                            = (known after apply)
      + code_sha256                    = (known after apply)
      + filename                       = "./lambda_function.zip"
      + function_name                  = "lambda-api"
      + handler                        = "lambda_function.lambda_handler"
      + id                             = (known after apply)
      + invoke_arn                     = (known after apply)
      + last_modified                  = (known after apply)
      + memory_size                    = 128
      + package_type                   = "Zip"
      + publish                        = false
      + qualified_arn                  = (known after apply)
      + qualified_invoke_arn           = (known after apply)
      + region                         = "ap-south-1"
      + reserved_concurrent_executions = -1
      + response_streaming_invoke_arn  = (known after apply)
      + role                           = (known after apply)
      + runtime                        = "python3.12"
      + signing_job_arn                = (known after apply)
      + signing_profile_version_arn    = (known after apply)
      + skip_destroy                   = false
      + source_code_hash               = "T/INPm4szwzbAp0umFEmJIogCOQHI1CdjQBxrdDhk8c="
      + source_code_size               = (known after apply)
      + tags_all                       = {
          + "App" = "lambda-api"
        }
      + timeout                        = 3
      + version                        = (known after apply)

      + environment {
          + variables = {
              + "BUCKET_NAME" = "lambda-api-000000000000-ap-south-1"
            }
        }

      + ephemeral_storage (known after apply)

      + logging_config (known after apply)

      + tracing_config (known after apply)
    }

  # aws_lambda_permission.apigw will be created
  + resource "aws_lambda_permission" "apigw" {
      + action              = "lambda:InvokeFunction"
      + function_name       = "lambda-api"
      + id                  = (known after apply)
      + principal           = "apigateway.amazonaws.com"
      + region              = "ap-south-1"
      + source_arn          = (known after apply)
      + statement_id        = "AllowExecutionFromAPIGateway"
      + statement_id_prefix = (known after apply)
    }

  # aws_s3_bucket.app will be created
  + resource "aws_s3_bucket" "app" {
      + acceleration_status         = (known after apply)
      + acl                         = (known after apply)
      + arn                         = (known after apply)
      + bucket                      = "lambda-api-000000000000-ap-south-1"
      + bucket_domain_name          = (known after apply)
      + bucket_prefix               = (known after apply)
      + bucket_region               = (known after apply)
      + bucket_regional_domain_name = (known after apply)
      + force_destroy               = true
      + hosted_zone_id              = (known after apply)
      + id                          = (known after apply)
      + object_lock_enabled         = (known after apply)
      + policy                      = (known after apply)
      + region                      = "ap-south-1"
      + request_payer               = (known after apply)
      + tags_all                    = {
          + "App" = "lambda-api"
        }
      + website_domain              = (known after apply)
      + website_endpoint            = (known after apply)

      + cors_rule (known after apply)

      + grant (known after apply)

      + lifecycle_rule (known after apply)

      + logging (known after apply)

      + object_lock_configuration (known after apply)

      + replication_configuration (known after apply)

      + server_side_encryption_configuration (known after apply)

      + versioning (known after apply)

      + website (known after apply)
    }

Plan: 11 to add, 0 to change, 0 to destroy.

Changes to Outputs:
  + api_base_url = (known after apply)
  + api_route    = (known after apply)
  + bucket_name  = "lambda-api-000000000000-ap-south-1"
aws_cloudwatch_log_group.lambda: Creating...
aws_iam_role.lambda: Creating...
aws_apigatewayv2_api.http: Creating...
aws_s3_bucket.app: Creating...
aws_iam_role.lambda: Creation complete after 0s [id=lambda-api-lambda-role]
aws_apigatewayv2_api.http: Creation complete after 1s [id=1d51e6df]
aws_apigatewayv2_stage.v1: Creating...
aws_apigatewayv2_stage.v1: Creation complete after 0s [id=v1]
aws_cloudwatch_log_group.lambda: Creation complete after 1s [id=/aws/lambda/lambda-api]
aws_s3_bucket.app: Still creating... [00m10s elapsed]
aws_s3_bucket.app: Still creating... [00m20s elapsed]
aws_s3_bucket.app: Still creating... [00m30s elapsed]
aws_s3_bucket.app: Still creating... [00m40s elapsed]
aws_s3_bucket.app: Still creating... [00m50s elapsed]
aws_s3_bucket.app: Still creating... [01m00s elapsed]
aws_s3_bucket.app: Still creating... [01m10s elapsed]
aws_s3_bucket.app: Still creating... [01m20s elapsed]
aws_s3_bucket.app: Still creating... [01m30s elapsed]
aws_s3_bucket.app: Still creating... [01m40s elapsed]
aws_s3_bucket.app: Still creating... [01m50s elapsed]
aws_s3_bucket.app: Still creating... [02m00s elapsed]
aws_s3_bucket.app: Still creating... [02m10s elapsed]
aws_s3_bucket.app: Still creating... [02m20s elapsed]
aws_s3_bucket.app: Still creating... [02m30s elapsed]
aws_s3_bucket.app: Still creating... [02m40s elapsed]
aws_s3_bucket.app: Still creating... [02m50s elapsed]
