data.aws_region.current: Reading...
data.aws_vpc.default: Reading...
data.aws_caller_identity.current: Reading...
data.aws_region.current: Read complete after 0s [id=us-east-1]
data.aws_caller_identity.current: Read complete after 0s [id=000000000000]
data.aws_vpc.default: Read complete after 0s [id=vpc-e83d5c8b8b4e1252c]
data.aws_subnets.default: Reading...
data.aws_subnets.default: Read complete after 0s [id=us-east-1]

Terraform used the selected providers to generate the following execution
plan. Resource actions are indicated with the following symbols:
  + create

Terraform will perform the following actions:

  # aws_ecr_repository.app will be created
  + resource "aws_ecr_repository" "app" {
      + arn                  = (known after apply)
      + id                   = (known after apply)
      + image_tag_mutability = "MUTABLE"
      + name                 = "hello_world_app"
      + region               = "us-east-1"
      + registry_id          = (known after apply)
      + repository_url       = (known after apply)
      + tags_all             = (known after apply)
    }

  # aws_ecs_cluster.app will be created
  + resource "aws_ecs_cluster" "app" {
      + arn      = (known after apply)
      + id       = (known after apply)
      + name     = "hello_world_app-cluster"
      + region   = "us-east-1"
      + tags_all = (known after apply)

      + setting (known after apply)
    }

  # aws_ecs_service.app will be created
  + resource "aws_ecs_service" "app" {
      + arn                                = (known after apply)
      + availability_zone_rebalancing      = (known after apply)
      + cluster                            = (known after apply)
      + deployment_maximum_percent         = 200
      + deployment_minimum_healthy_percent = 100
      + desired_count                      = 1
      + enable_ecs_managed_tags            = false
      + enable_execute_command             = false
      + iam_role                           = (known after apply)
      + id                                 = (known after apply)
      + launch_type                        = "FARGATE"
      + name                               = "hello_world_app-service"
      + platform_version                   = (known after apply)
      + region                             = "us-east-1"
      + scheduling_strategy                = "REPLICA"
      + tags_all                           = (known after apply)
      + task_definition                    = (known after apply)
      + triggers                           = (known after apply)
      + wait_for_steady_state              = false

      + deployment_configuration (known after apply)

      + network_configuration {
          + assign_public_ip = true
          + security_groups  = (known after apply)
          + subnets          = [
              + "subnet-22592b14659d17abc",
              + "subnet-2594369644a09c0a8",
              + "subnet-575da7803b459e64b",
              + "subnet-64db45f7e59c420db",
              + "subnet-7a51cb2e549de78c4",
              + "subnet-9b1839ac41a2b7cd6",
            ]
        }
    }

  # aws_ecs_task_definition.app will be created
  + resource "aws_ecs_task_definition" "app" {
      + arn                      = (known after apply)
      + arn_without_revision     = (known after apply)
      + container_definitions    = (known after apply)
      + cpu                      = "256"
      + enable_fault_injection   = (known after apply)
      + execution_role_arn       = (known after apply)
      + family                   = "hello_world_app"
      + id                       = (known after apply)
      + memory                   = "512"
      + network_mode             = "awsvpc"
      + region                   = "us-east-1"
      + requires_compatibilities = [
          + "FARGATE",
        ]
      + revision                 = (known after apply)
      + skip_destroy             = false
      + tags_all                 = (known after apply)
      + track_latest             = false
    }

  # aws_iam_role.ecs_task_execution_role will be created
  + resource "aws_iam_role" "ecs_task_execution_role" {
      + arn                   = (known after apply)
      + assume_role_policy    = jsonencode(
            {
              + Statement = [
                  + {
                      + Action    = "sts:AssumeRole"
                      + Effect    = "Allow"
                      + Principal = {
                          + Service = "ecs-tasks.amazonaws.com"
                        }
                    },
                ]
              + Version   = "2012-10-17"
            }
        )
      + create_date           = (known after apply)
      + force_detach_policies = false
      + id                    = (known after apply)
      + managed_policy_arns   = (known after apply)
      + max_session_duration  = 3600
      + name                  = "ecsTaskExecutionRole-hello_world_app"
      + name_prefix           = (known after apply)
      + path                  = "/"
      + tags_all              = (known after apply)
      + unique_id             = (known after apply)

      + inline_policy (known after apply)
    }

  # aws_iam_role_policy_attachment.ecs_task_execution_role_policy will be created
  + resource "aws_iam_role_policy_attachment" "ecs_task_execution_role_policy" {
      + id         = (known after apply)
      + policy_arn = "arn:aws:iam::aws:policy/service-role/AmazonECSTaskExecutionRolePolicy"
      + role       = "ecsTaskExecutionRole-hello_world_app"
    }

  # aws_security_group.app will be created
  + resource "aws_security_group" "app" {
      + arn                    = (known after apply)
      + description            = "Allow inbound traffic to app"
      + egress                 = [
          + {
              + cidr_blocks      = [
                  + "0.0.0.0/0",
                ]
              + from_port        = 0
              + ipv6_cidr_blocks = []
              + prefix_list_ids  = []
              + protocol         = "-1"
              + security_groups  = []
              + self             = false
              + to_port          = 0
                # (1 unchanged attribute hidden)
            },
        ]
      + id                     = (known after apply)
      + ingress                = [
          + {
              + cidr_blocks      = [
                  + "0.0.0.0/0",
                ]
              + from_port        = 3000
              + ipv6_cidr_blocks = []
              + prefix_list_ids  = []
              + protocol         = "tcp"
              + security_groups  = []
              + self             = false
              + to_port          = 3000
                # (1 unchanged attribute hidden)
            },
        ]
      + name                   = "hello_world_app-sg"
      + name_prefix            = (known after apply)
      + owner_id               = (known after apply)
      + region                 = "us-east-1"
      + revoke_rules_on_delete = false
      + tags_all               = (known after apply)
      + vpc_id                 = "vpc-e83d5c8b8b4e1252c"
    }

Plan: 7 to add, 0 to change, 0 to destroy.

Changes to Outputs:
  + ecr_repository_url = (known after apply)
  + ecs_service_name   = "hello_world_app-service"
aws_ecr_repository.app: Creating...
aws_ecs_cluster.app: Creating...
aws_iam_role.ecs_task_execution_role: Creating...
aws_security_group.app: Creating...
aws_security_group.app: Creation complete after 1s [id=sg-8893353a3048b83e0]
aws_iam_role.ecs_task_execution_role: Creation complete after 1s [id=ecsTaskExecutionRole-hello_world_app]
aws_iam_role_policy_attachment.ecs_task_execution_role_policy: Creating...
aws_iam_role_policy_attachment.ecs_task_execution_role_policy: Creation complete after 0s [id=ecsTaskExecutionRole-hello_world_app/arn:aws:iam::aws:policy/service-role/AmazonECSTaskExecutionRolePolicy]
aws_ecr_repository.app: Creation complete after 4s [id=hello_world_app]
aws_ecs_task_definition.app: Creating...
aws_ecs_task_definition.app: Creation complete after 0s [id=hello_world_app]
aws_ecs_cluster.app: Still creating... [00m10s elapsed]
aws_ecs_cluster.app: Creation complete after 11s [id=arn:aws:ecs:us-east-1:000000000000:cluster/hello_world_app-cluster]
aws_ecs_service.app: Creating...
aws_ecs_service.app: Still creating... [00m10s elapsed]
aws_ecs_service.app: Still creating... [00m20s elapsed]
aws_ecs_service.app: Creation complete after 22s [id=arn:aws:ecs:us-east-1:000000000000:service/hello_world_app-cluster/hello_world_app-service]

Apply complete! Resources: 7 added, 0 changed, 0 destroyed.

Outputs:

ecr_repository_url = "000000000000.dkr.ecr.us-east-1.localhost.localstack.cloud:4566/hello_world_app"
ecs_service_name = "hello_world_app-service"
