
Terraform used the selected providers to generate the following execution
plan. Resource actions are indicated with the following symbols:
  + create

Terraform will perform the following actions:

  # aws_s3_bucket.site_bucket will be created
  + resource "aws_s3_bucket" "site_bucket" {
      + acceleration_status         = (known after apply)
      + acl                         = (known after apply)
      + arn                         = (known after apply)
      + bucket                      = (known after apply)
      + bucket_domain_name          = (known after apply)
      + bucket_prefix               = (known after apply)
      + bucket_region               = (known after apply)
      + bucket_regional_domain_name = (known after apply)
      + force_destroy               = true
      + hosted_zone_id              = (known after apply)
      + id                          = (known after apply)
      + object_lock_enabled         = (known after apply)
      + policy                      = (known after apply)
      + region                      = "us-east-1"
      + request_payer               = (known after apply)
      + tags_all                    = (known after apply)
      + website_domain              = (known after apply)
      + website_endpoint            = (known after apply)

      + cors_rule (known after apply)

      + grant (known after apply)

      + lifecycle_rule (known after apply)

      + logging (known after apply)

      + object_lock_configuration (known after apply)

      + replication_configuration (known after apply)

      + server_side_encryption_configuration (known after apply)

      + versioning (known after apply)

      + website (known after apply)
    }

  # aws_s3_bucket_acl.s3_bucket_acl will be created
  + resource "aws_s3_bucket_acl" "s3_bucket_acl" {
      + acl    = "public-read"
      + bucket = (known after apply)
      + id     = (known after apply)
      + region = "us-east-1"

      + access_control_policy (known after apply)
    }

  # aws_s3_bucket_policy.site_bucket_policy will be created
  + resource "aws_s3_bucket_policy" "site_bucket_policy" {
      + bucket = (known after apply)
      + id     = (known after apply)
      + policy = jsonencode(
            {
              + Id        = "bucket_policy"
              + Statement = [
                  + {
                      + Action    = [
                          + "s3:GetObject",
                        ]
                      + Effect    = "Allow"
                      + Principal = "*"
                      + Resource  = [
                          + "arn:aws:s3:::/*",
                        ]
                      + Sid       = "PublicReadGetObject"
                    },
                  + {
                      + Action    = "s3:PutObject"
                      + Condition = {
                          + StringNotEquals = {
                              + "s3:x-amz-server-side-encryption" = "AES256"
                            }
                        }
                      + Effect    = "Deny"
                      + Principal = "*"
                      + Resource  = [
                          + "arn:aws:s3:::",
                          + "arn:aws:s3:::/*",
                        ]
                      + Sid       = "DenyIncorrectEncryptionHeader"
                    },
                  + {
                      + Action    = "s3:PutObject"
                      + Condition = {
                          + Null = {
                              + "s3:x-amz-server-side-encryption" = "true"
                            }
                        }
                      + Effect    = "Deny"
                      + Principal = "*"
                      + Resource  = "arn:aws:s3:::/*"
                      + Sid       = "DenyUnEncryptedObjectUploads"
                    },
                ]
              + Version   = "2012-10-17"
            }
        )
      + region = "us-east-1"
    }

  # aws_s3_bucket_server_side_encryption_configuration.site_bucket_server_side_encryption will be created
  + resource "aws_s3_bucket_server_side_encryption_configuration" "site_bucket_server_side_encryption" {
      + bucket = (known after apply)
      + id     = (known after apply)
      + region = "us-east-1"

      + rule {
          + blocked_encryption_types = []
          + bucket_key_enabled       = false

          + apply_server_side_encryption_by_default {
              + sse_algorithm     = "AES256"
                # (1 unchanged attribute hidden)
            }
        }
    }

  # aws_s3_bucket_versioning.site_bucket_versioning will be created
  + resource "aws_s3_bucket_versioning" "site_bucket_versioning" {
      + bucket = (known after apply)
      + id     = (known after apply)
      + region = "us-east-1"

      + versioning_configuration {
          + mfa_delete = (known after apply)
          + status     = "Disabled"
        }
    }

  # aws_s3_bucket_website_configuration.site_bucket_website_configuration will be created
  + resource "aws_s3_bucket_website_configuration" "site_bucket_website_configuration" {
      + bucket           = (known after apply)
      + id               = (known after apply)
      + region           = "us-east-1"
      + routing_rules    = (known after apply)
      + website_domain   = (known after apply)
      + website_endpoint = (known after apply)

      + error_document {
          + key = "404.html"
        }

      + index_document {
          + suffix = "index.html"
        }

      + routing_rule (known after apply)
    }

Plan: 6 to add, 0 to change, 0 to destroy.

Changes to Outputs:
  + site_bucket_info = {
      + arn              = (known after apply)
      + id               = (known after apply)
      + website_endpoint = (known after apply)
    }
