{"format_version":"1.2","terraform_version":"1.13.5","variables":{"app_name":{"value":"react-jg-app"},"region":{"value":"us-east-1"}},"planned_values":{"outputs":{"alb_dns_name":{"sensitive":false},"ecs_service_name":{"sensitive":false,"type":"string","value":"react-jg-app"}},"root_module":{"resources":[{"address":"aws_ecr_repository.react_jg_app","mode":"managed","type":"aws_ecr_repository","name":"react_jg_app","provider_name":"registry.terraform.io/hashicorp/aws","schema_version":0,"values":{"encryption_configuration":[],"force_delete":null,"image_scanning_configuration":[],"image_tag_mutability":"MUTABLE","image_tag_mutability_exclusion_filter":[],"name":"react-jg-app","region":"us-east-1","tags":null,"timeouts":null},"sensitive_values":{"encryption_configuration":[],"image_scanning_configuration":[],"image_tag_mutability_exclusion_filter":[],"tags_all":{}},"identity_schema_version":0,"identity":{"account_id":null,"name":null,"region":null}},{"address":"aws_ecs_cluster.react_jg_app","mode":"managed","type":"aws_ecs_cluster","name":"react_jg_app","provider_name":"registry.terraform.io/hashicorp/aws","schema_version":0,"values":{"configuration":[],"name":"react-jg-app-cluster","region":"us-east-1","service_connect_defaults":[],"tags":{"Name":"react-jg-app-cluster"},"tags_all":{"Name":"react-jg-app-cluster"}},"sensitive_values":{"configuration":[],"service_connect_defaults":[],"setting":[],"tags":{},"tags_all":{}}},{"address":"aws_ecs_service.react_jg_app","mode":"managed","type":"aws_ecs_service","name":"react_jg_app","provider_name":"registry.terraform.io/hashicorp/aws","schema_version":1,"values":{"alarms":[],"capacity_provider_strategy":[],"deployment_circuit_breaker":[],"deployment_controller":[],"deployment_maximum_percent":200,"deployment_minimum_healthy_percent":100,"desired_count":1,"enable_ecs_managed_tags":false,"enable_execute_command":false,"force_delete":null,"force_new_deployment":null,"health_check_grace_period_seconds":null,"launch_type":"FARGATE","load_balancer":[{"advanced_configuration":[],"container_name":"react-jg-app","container_port":3000,"elb_name":""}],"name":"react-jg-app","network_configuration":[{"assign_public_ip":true,"subnets":["subnet-0d81073a7d643f31b","subnet-31b17319e1cb0e6a7","subnet-5a9ec28c3c4babc2c","subnet-a9010bc1938c7028a","subnet-e7d1873c4773c99c7","subnet-fc963c193ca3f391f"]}],"ordered_placement_strategy":[],"placement_constraints":[],"propagate_tags":null,"region":"us-east-1","scheduling_strategy":"REPLICA","service_connect_configuration":[],"service_registries":[],"sigint_rollback":null,"tags":{"Name":"react-jg-app"},"tags_all":{"Name":"react-jg-app"},"timeouts":null,"volume_configuration":[],"vpc_lattice_configurations":[],"wait_for_steady_state":false},"sensitive_values":{"alarms":[],"capacity_provider_strategy":[],"deployment_circuit_breaker":[],"deployment_configuration":[],"deployment_controller":[],"load_balancer":[{"advanced_configuration":[]}],"network_configuration":[{"security_groups":[],"subnets":[false,false,false,false,false,false]}],"ordered_placement_strategy":[],"placement_constraints":[],"service_connect_configuration":[],"service_registries":[],"tags":{},"tags_all":{},"triggers":{},"volume_configuration":[],"vpc_lattice_configurations":[]}},{"address":"aws_ecs_task_definition.react_jg_app","mode":"managed","type":"aws_ecs_task_definition","name":"react_jg_app","provider_name":"registry.terraform.io/hashicorp/aws","schema_version":1,"values":{"cpu":"256","ephemeral_storage":[],"family":"react-jg-app","ipc_mode":null,"memory":"512","network_mode":"awsvpc","pid_mode":null,"placement_constraints":[],"proxy_configuration":[],"region":"us-east-1","requires_compatibilities":["FARGATE"],"runtime_platform":[],"skip_destroy":false,"tags":null,"task_role_arn":null,"track_latest":false,"volume":[]},"sensitive_values":{"ephemeral_storage":[],"placement_constraints":[],"proxy_configuration":[],"requires_compatibilities":[false],"runtime_platform":[],"tags_all":{},"volume":[]}},{"address":"aws_iam_role.ecs_task_execution","mode":"managed","type":"aws_iam_role","name":"ecs_task_execution","provider_name":"registry.terraform.io/hashicorp/aws","schema_version":0,"values":{"assume_role_policy":"{\"Statement\":[{\"Action\":\"sts:AssumeRole\",\"Effect\":\"Allow\",\"Principal\":{\"Service\":\"ecs-tasks.amazonaws.com\"}}],\"Version\":\"2012-10-17\"}","description":null,"force_detach_policies":false,"max_session_duration":3600,"name":"react-jg-app-ecs-exec-role","path":"/","permissions_boundary":null,"tags":null},"sensitive_values":{"inline_policy":[],"managed_policy_arns":[],"tags_all":{}},"identity_schema_version":0,"identity":{"account_id":null,"name":null}},{"address":"aws_iam_role_policy_attachment.ecs_task_execution","mode":"managed","type":"aws_iam_role_policy_attachment","name":"ecs_task_execution","provider_name":"registry.terraform.io/hashicorp/aws","schema_version":0,"values":{"policy_arn":"arn:aws:iam::aws:policy/service-role/AmazonECSTaskExecutionRolePolicy","role":"react-jg-app-ecs-exec-role"},"sensitive_values":{},"identity_schema_version":0,"identity":{"account_id":null,"policy_arn":null,"role":null}},{"address":"aws_lb.react_jg_app","mode":"managed","type":"aws_lb","name":"react_jg_app","provider_name":"registry.terraform.io/hashicorp/aws","schema_version":0,"values":{"access_logs":[],"client_keep_alive":3600,"connection_logs":[],"customer_owned_ipv4_pool":null,"desync_mitigation_mode":"defensive","dns_record_client_routing_policy":null,"drop_invalid_header_fields":false,"enable_cross_zone_load_balancing":null,"enable_deletion_protection":false,"enable_http2":true,"enable_tls_version_and_cipher_suite_headers":false,"enable_waf_fail_open":false,"enable_xff_client_port":false,"enable_zonal_shift":false,"health_check_logs":[],"idle_timeout":60,"internal":false,"ipam_pools":[],"load_balancer_type":"application","minimum_load_balancer_capacity":[],"name":"react-jg-app-alb","preserve_host_header":false,"region":"us-east-1","subnets":["subnet-0d81073a7d643f31b","subnet-31b17319e1cb0e6a7","subnet-5a9ec28c3c4babc2c","subnet-a9010bc1938c7028a","subnet-e7d1873c4773c99c7","subnet-fc963c193ca3f391f"],"tags":{"Name":"react-jg-app-alb"},"tags_all":{"Name":"react-jg-app-alb"},"timeouts":null,"xff_header_processing_mode":"append"},"sensitive_values":{"access_logs":[],"connection_logs":[],"health_check_logs":[],"ipam_pools":[],"minimum_load_balancer_capacity":[],"security_groups":[],"subnet_mapping":[],"subnets":[false,false,false,false,false,false],"tags":{},"tags_all":{}},"identity_schema_version":0,"identity":{"arn":null}},{"address":"aws_lb_listener.react_jg_app","mode":"managed","type":"aws_lb_listener","name":"react_jg_app","provider_name":"registry.terraform.io/hashicorp/aws","schema_version":0,"values":{"alpn_policy":null,"certificate_arn":null,"default_action":[{"authenticate_cognito":[],"authenticate_oidc":[],"fixed_response":[],"forward":[],"jwt_validation":[],"redirect":[],"type":"forward"}],"port":80,"protocol":"HTTP","region":"us-east-1","tags":null,"timeouts":null},"sensitive_values":{"default_action":[{"authenticate_cognito":[],"authenticate_oidc":[],"fixed_response":[],"forward":[],"jwt_validation":[],"redirect":[]}],"mutual_authentication":[],"tags_all":{}},"identity_schema_version":0,"identity":{"arn":null}},{"address":"aws_lb_target_group.react_jg_app","mode":"managed","type":"aws_lb_target_group","name":"react_jg_app","provider_name":"registry.terraform.io/hashicorp/aws","schema_version":0,"values":{"deregistration_delay":"300","health_check":[{"enabled":true,"healthy_threshold":2,"interval":30,"matcher":"200-399","path":"/","port":"traffic-port","protocol":"HTTP","timeout":5,"unhealthy_threshold":2}],"lambda_multi_value_headers_enabled":false,"name":"react-jg-app-tg","port":3000,"protocol":"HTTP","proxy_protocol_v2":false,"region":"us-east-1","slow_start":0,"tags":{"Name":"react-jg-app-tg"},"tags_all":{"Name":"react-jg-app-tg"},"target_control_port":null,"target_type":"instance","vpc_id":"vpc-bacfbcd896e48c2b8"},"sensitive_values":{"health_check":[{}],"load_balancer_arns":[],"stickiness":[],"tags":{},"tags_all":{},"target_failover":[],"target_group_health":[],"target_health_state":[]},"identity_schema_version":0,"identity":{"arn":null}},{"address":"aws_security_group.react_jg_app","mode":"managed","type":"aws_security_group","name":"react_jg_app","provider_name":"registry.terraform.io/hashicorp/aws","schema_version":1,"values":{"description":"Allow HTTP inbound traffic","egress":[{"cidr_blocks":["0.0.0.0/0"],"description":"","from_port":0,"ipv6_cidr_blocks":[],"prefix_list_ids":[],"protocol":"-1","security_groups":[],"self":false,"to_port":0}],"ingress":[{"cidr_blocks":["0.0.0.0/0"],"description":"","from_port":80,"ipv6_cidr_blocks":[],"prefix_list_ids":[],"protocol":"tcp","security_groups":[],"self":false,"to_port":80}],"name":"react-jg-app-sg","region":"us-east-1","revoke_rules_on_delete":false,"tags":{"Name":"react-jg-app-sg"},"tags_all":{"Name":"react-jg-app-sg"},"timeouts":null,"vpc_id":"vpc-bacfbcd896e48c2b8"},"sensitive_values":{"egress":[{"cidr_blocks":[false],"ipv6_cidr_blocks":[],"prefix_list_ids":[],"security_groups":[]}],"ingress":[{"cidr_blocks":[false],"ipv6_cidr_blocks":[],"prefix_list_ids":[],"security_groups":[]}],"tags":{},"tags_all":{}},"identity_schema_version":0,"identity":{"account_id":null,"id":null,"region":null}}]}},"resource_changes":[{"address":"aws_ecr_repository.react_jg_app","mode":"managed","type":"aws_ecr_repository","name":"react_jg_app","provider_name":"registry.terraform.io/hashicorp/aws","change":{"actions":["create"],"before":null,"after":{"encryption_configuration":[],"force_delete":null,"image_scanning_configuration":[],"image_tag_mutability":"MUTABLE","image_tag_mutability_exclusion_filter":[],"name":"react-jg-app","region":"us-east-1","tags":null,"timeouts":null},"after_unknown":{"arn":true,"encryption_configuration":[],"id":true,"image_scanning_configuration":[],"image_tag_mutability_exclusion_filter":[],"registry_id":true,"repository_url":true,"tags_all":true},"before_sensitive":false,"after_sensitive":{"encryption_configuration":[],"image_scanning_configuration":[],"image_tag_mutability_exclusion_filter":[],"tags_all":{}},"after_identity":{"account_id":null,"name":null,"region":null}}},{"address":"aws_ecs_cluster.react_jg_app","mode":"managed","type":"aws_ecs_cluster","name":"react_jg_app","provider_name":"registry.terraform.io/hashicorp/aws","change":{"actions":["create"],"before":null,"after":{"configuration":[],"name":"react-jg-app-cluster","region":"us-east-1","service_connect_defaults":[],"tags":{"Name":"react-jg-app-cluster"},"tags_all":{"Name":"react-jg-app-cluster"}},"after_unknown":{"arn":true,"configuration":[],"id":true,"service_connect_defaults":[],"setting":true,"tags":{},"tags_all":{}},"before_sensitive":false,"after_sensitive":{"configuration":[],"service_connect_defaults":[],"setting":[],"tags":{},"tags_all":{}}}},{"address":"aws_ecs_service.react_jg_app","mode":"managed","type":"aws_ecs_service","name":"react_jg_app","provider_name":"registry.terraform.io/hashicorp/aws","change":{"actions":["create"],"before":null,"after":{"alarms":[],"capacity_provider_strategy":[],"deployment_circuit_breaker":[],"deployment_controller":[],"deployment_maximum_percent":200,"deployment_minimum_healthy_percent":100,"desired_count":1,"enable_ecs_managed_tags":false,"enable_execute_command":false,"force_delete":null,"force_new_deployment":null,"health_check_grace_period_seconds":null,"launch_type":"FARGATE","load_balancer":[{"advanced_configuration":[],"container_name":"react-jg-app","container_port":3000,"elb_name":""}],"name":"react-jg-app","network_configuration":[{"assign_public_ip":true,"subnets":["subnet-0d81073a7d643f31b","subnet-31b17319e1cb0e6a7","subnet-5a9ec28c3c4babc2c","subnet-a9010bc1938c7028a","subnet-e7d1873c4773c99c7","subnet-fc963c193ca3f391f"]}],"ordered_placement_strategy":[],"placement_constraints":[],"propagate_tags":null,"region":"us-east-1","scheduling_strategy":"REPLICA","service_connect_configuration":[],"service_registries":[],"sigint_rollback":null,"tags":{"Name":"react-jg-app"},"tags_all":{"Name":"react-jg-app"},"timeouts":null,"volume_configuration":[],"vpc_lattice_configurations":[],"wait_for_steady_state":false},"after_unknown":{"alarms":[],"arn":true,"availability_zone_rebalancing":true,"capacity_provider_strategy":[],"cluster":true,"deployment_circuit_breaker":[],"deployment_configuration":true,"deployment_controller":[],"iam_role":true,"id":true,"load_balancer":[{"advanced_configuration":[],"target_group_arn":true}],"network_configuration":[{"security_groups":true,"subnets":[false,false,false,false,false,false]}],"ordered_placement_strategy":[],"placement_constraints":[],"platform_version":true,"service_connect_configuration":[],"service_registries":[],"tags":{},"tags_all":{},"task_definition":true,"triggers":true,"volume_configuration":[],"vpc_lattice_configurations":[]},"before_sensitive":false,"after_sensitive":{"alarms":[],"capacity_provider_strategy":[],"deployment_circuit_breaker":[],"deployment_configuration":[],"deployment_controller":[],"load_balancer":[{"advanced_configuration":[]}],"network_configuration":[{"security_groups":[],"subnets":[false,false,false,false,false,false]}],"ordered_placement_strategy":[],"placement_constraints":[],"service_connect_configuration":[],"service_registries":[],"tags":{},"tags_all":{},"triggers":{},"volume_configuration":[],"vpc_lattice_configurations":[]}}},{"address":"aws_ecs_task_definition.react_jg_app","mode":"managed","type":"aws_ecs_task_definition","name":"react_jg_app","provider_name":"registry.terraform.io/hashicorp/aws","change":{"actions":["create"],"before":null,"after":{"cpu":"256","ephemeral_storage":[],"family":"react-jg-app","ipc_mode":null,"memory":"512","network_mode":"awsvpc","pid_mode":null,"placement_constraints":[],"proxy_configuration":[],"region":"us-east-1","requires_compatibilities":["FARGATE"],"runtime_platform":[],"skip_destroy":false,"tags":null,"task_role_arn":null,"track_latest":false,"volume":[]},"after_unknown":{"arn":true,"arn_without_revision":true,"container_definitions":true,"enable_fault_injection":true,"ephemeral_storage":[],"execution_role_arn":true,"id":true,"placement_constraints":[],"proxy_configuration":[],"requires_compatibilities":[false],"revision":true,"runtime_platform":[],"tags_all":true,"volume":[]},"before_sensitive":false,"after_sensitive":{"ephemeral_storage":[],"placement_constraints":[],"proxy_configuration":[],"requires_compatibilities":[false],"runtime_platform":[],"tags_all":{},"volume":[]}}},{"address":"aws_iam_role.ecs_task_execution","mode":"managed","type":"aws_iam_role","name":"ecs_task_execution","provider_name":"registry.terraform.io/hashicorp/aws","change":{"actions":["create"],"before":null,"after":{"assume_role_policy":"{\"Statement\":[{\"Action\":\"sts:AssumeRole\",\"Effect\":\"Allow\",\"Principal\":{\"Service\":\"ecs-tasks.amazonaws.com\"}}],\"Version\":\"2012-10-17\"}","description":null,"force_detach_policies":false,"max_session_duration":3600,"name":"react-jg-app-ecs-exec-role","path":"/","permissions_boundary":null,"tags":null},"after_unknown":{"arn":true,"create_date":true,"id":true,"inline_policy":true,"managed_policy_arns":true,"name_prefix":true,"tags_all":true,"unique_id":true},"before_sensitive":false,"after_sensitive":{"inline_policy":[],"managed_policy_arns":[],"tags_all":{}},"after_identity":{"account_id":null,"name":null}}},{"address":"aws_iam_role_policy_attachment.ecs_task_execution","mode":"managed","type":"aws_iam_role_policy_attachment","name":"ecs_task_execution","provider_name":"registry.terraform.io/hashicorp/aws","change":{"actions":["create"],"before":null,"after":{"policy_arn":"arn:aws:iam::aws:policy/service-role/AmazonECSTaskExecutionRolePolicy","role":"react-jg-app-ecs-exec-role"},"after_unknown":{"id":true},"before_sensitive":false,"after_sensitive":{},"after_identity":{"account_id":null,"policy_arn":null,"role":null}}},{"address":"aws_lb.react_jg_app","mode":"managed","type":"aws_lb","name":"react_jg_app","provider_name":"registry.terraform.io/hashicorp/aws","change":{"actions":["create"],"before":null,"after":{"access_logs":[],"client_keep_alive":3600,"connection_logs":[],"customer_owned_ipv4_pool":null,"desync_mitigation_mode":"defensive","dns_record_client_routing_policy":null,"drop_invalid_header_fields":false,"enable_cross_zone_load_balancing":null,"enable_deletion_protection":false,"enable_http2":true,"enable_tls_version_and_cipher_suite_headers":false,"enable_waf_fail_open":false,"enable_xff_client_port":false,"enable_zonal_shift":false,"health_check_logs":[],"idle_timeout":60,"internal":false,"ipam_pools":[],"load_balancer_type":"application","minimum_load_balancer_capacity":[],"name":"react-jg-app-alb","preserve_host_header":false,"region":"us-east-1","subnets":["subnet-0d81073a7d643f31b","subnet-31b17319e1cb0e6a7","subnet-5a9ec28c3c4babc2c","subnet-a9010bc1938c7028a","subnet-e7d1873c4773c99c7","subnet-fc963c193ca3f391f"],"tags":{"Name":"react-jg-app-alb"},"tags_all":{"Name":"react-jg-app-alb"},"timeouts":null,"xff_header_processing_mode":"append"},"after_unknown":{"access_logs":[],"arn":true,"arn_suffix":true,"connection_logs":[],"dns_name":true,"enforce_security_group_inbound_rules_on_private_link_traffic":true,"health_check_logs":[],"id":true,"ip_address_type":true,"ipam_pools":[],"minimum_load_balancer_capacity":[],"name_prefix":true,"secondary_ips_auto_assigned_per_subnet":true,"security_groups":true,"subnet_mapping":true,"subnets":[false,false,false,false,false,false],"tags":{},"tags_all":{},"vpc_id":true,"zone_id":true},"before_sensitive":false,"after_sensitive":{"access_logs":[],"connection_logs":[],"health_check_logs":[],"ipam_pools":[],"minimum_load_balancer_capacity":[],"security_groups":[],"subnet_mapping":[],"subnets":[false,false,false,false,false,false],"tags":{},"tags_all":{}},"after_identity":{"arn":null}}},{"address":"aws_lb_listener.react_jg_app","mode":"managed","type":"aws_lb_listener","name":"react_jg_app","provider_name":"registry.terraform.io/hashicorp/aws","change":{"actions":["create"],"before":null,"after":{"alpn_policy":null,"certificate_arn":null,"default_action":[{"authenticate_cognito":[],"authenticate_oidc":[],"fixed_response":[],"forward":[],"jwt_validation":[],"redirect":[],"type":"forward"}],"port":80,"protocol":"HTTP","region":"us-east-1","tags":null,"timeouts":null},"after_unknown":{"arn":true,"default_action":[{"authenticate_cognito":[],"authenticate_oidc":[],"fixed_response":[],"forward":[],"jwt_validation":[],"order":true,"redirect":[],"target_group_arn":true}],"id":true,"load_balancer_arn":true,"mutual_authentication":true,"routing_http_request_x_amzn_mtls_clientcert_header_name":true,"routing_http_request_x_amzn_mtls_clientcert_issuer_header_name":true,"routing_http_request_x_amzn_mtls_clientcert_leaf_header_name":true,"routing_http_request_x_amzn_mtls_clientcert_serial_number_header_name":true,"routing_http_request_x_amzn_mtls_clientcert_subject_header_name":true,"routing_http_request_x_amzn_mtls_clientcert_validity_header_name":true,"routing_http_request_x_amzn_tls_cipher_suite_header_name":true,"routing_http_request_x_amzn_tls_version_header_name":true,"routing_http_response_access_control_allow_credentials_header_value":true,"routing_http_response_access_control_allow_headers_header_value":true,"routing_http_response_access_control_allow_methods_header_value":true,"routing_http_response_access_control_allow_origin_header_value":true,"routing_http_response_access_control_expose_headers_header_value":true,"routing_http_response_access_control_max_age_header_value":true,"routing_http_response_content_security_policy_header_value":true,"routing_http_response_server_enabled":true,"routing_http_response_strict_transport_security_header_value":true,"routing_http_response_x_content_type_options_header_value":true,"routing_http_response_x_frame_options_header_value":true,"ssl_policy":true,"tags_all":true,"tcp_idle_timeout_seconds":true},"before_sensitive":false,"after_sensitive":{"default_action":[{"authenticate_cognito":[],"authenticate_oidc":[],"fixed_response":[],"forward":[],"jwt_validation":[],"redirect":[]}],"mutual_authentication":[],"tags_all":{}},"after_identity":{"arn":null}}},{"address":"aws_lb_target_group.react_jg_app","mode":"managed","type":"aws_lb_target_group","name":"react_jg_app","provider_name":"registry.terraform.io/hashicorp/aws","change":{"actions":["create"],"before":null,"after":{"deregistration_delay":"300","health_check":[{"enabled":true,"healthy_threshold":2,"interval":30,"matcher":"200-399","path":"/","port":"traffic-port","protocol":"HTTP","timeout":5,"unhealthy_threshold":2}],"lambda_multi_value_headers_enabled":false,"name":"react-jg-app-tg","port":3000,"protocol":"HTTP","proxy_protocol_v2":false,"region":"us-east-1","slow_start":0,"tags":{"Name":"react-jg-app-tg"},"tags_all":{"Name":"react-jg-app-tg"},"target_control_port":null,"target_type":"instance","vpc_id":"vpc-bacfbcd896e48c2b8"},"after_unknown":{"arn":true,"arn_suffix":true,"connection_termination":true,"health_check":[{}],"id":true,"ip_address_type":true,"load_balancer_arns":true,"load_balancing_algorithm_type":true,"load_balancing_anomaly_mitigation":true,"load_balancing_cross_zone_enabled":true,"name_prefix":true,"preserve_client_ip":true,"protocol_version":true,"stickiness":true,"tags":{},"tags_all":{},"target_failover":true,"target_group_health":true,"target_health_state":true},"before_sensitive":false,"after_sensitive":{"health_check":[{}],"load_balancer_arns":[],"stickiness":[],"tags":{},"tags_all":{},"target_failover":[],"target_group_health":[],"target_health_state":[]},"after_identity":{"arn":null}}},{"address":"aws_security_group.react_jg_app","mode":"managed","type":"aws_security_group","name":"react_jg_app","provider_name":"registry.terraform.io/hashicorp/aws","change":{"actions":["create"],"before":null,"after":{"description":"Allow HTTP inbound traffic","egress":[{"cidr_blocks":["0.0.0.0/0"],"description":"","from_port":0,"ipv6_cidr_blocks":[],"prefix_list_ids":[],"protocol":"-1","security_groups":[],"self":false,"to_port":0}],"ingress":[{"cidr_blocks":["0.0.0.0/0"],"description":"","from_port":80,"ipv6_cidr_blocks":[],"prefix_list_ids":[],"protocol":"tcp","security_groups":[],"self":false,"to_port":80}],"name":"react-jg-app-sg","region":"us-east-1","revoke_rules_on_delete":false,"tags":{"Name":"react-jg-app-sg"},"tags_all":{"Name":"react-jg-app-sg"},"timeouts":null,"vpc_id":"vpc-bacfbcd896e48c2b8"},"after_unknown":{"arn":true,"egress":[{"cidr_blocks":[false],"ipv6_cidr_blocks":[],"prefix_list_ids":[],"security_groups":[]}],"id":true,"ingress":[{"cidr_blocks":[false],"ipv6_cidr_blocks":[],"prefix_list_ids":[],"security_groups":[]}],"name_prefix":true,"owner_id":true,"tags":{},"tags_all":{}},"before_sensitive":false,"after_sensitive":{"egress":[{"cidr_blocks":[false],"ipv6_cidr_blocks":[],"prefix_list_ids":[],"security_groups":[]}],"ingress":[{"cidr_blocks":[false],"ipv6_cidr_blocks":[],"prefix_list_ids":[],"security_groups":[]}],"tags":{},"tags_all":{}},"after_identity":{"account_id":null,"id":null,"region":null}}}],"output_changes":{"alb_dns_name":{"actions":["create"],"before":null,"after_unknown":true,"before_sensitive":false,"after_sensitive":false},"ecs_service_name":{"actions":["create"],"before":null,"after":"react-jg-app","after_unknown":false,"before_sensitive":false,"after_sensitive":false}},"prior_state":{"format_version":"1.0","terraform_version":"1.13.5","values":{"outputs":{"ecs_service_name":{"sensitive":false,"value":"react-jg-app","type":"string"}},"root_module":{"resources":[{"address":"data.aws_caller_identity.current","mode":"data","type":"aws_caller_identity","name":"current","provider_name":"registry.terraform.io/hashicorp/aws","schema_version":0,"values":{"account_id":"000000000000","arn":"arn:aws:iam::000000000000:root","id":"000000000000","user_id":"AKIAIOSFODNN7EXAMPLE"},"sensitive_values":{}},{"address":"data.aws_region.current","mode":"data","type":"aws_region","name":"current","provider_name":"registry.terraform.io/hashicorp/aws","schema_version":0,"values":{"description":"US East (N. Virginia)","endpoint":"ec2.us-east-1.amazonaws.com","id":"us-east-1","name":"us-east-1","region":"us-east-1"},"sensitive_values":{}},{"address":"data.aws_subnets.default","mode":"data","type":"aws_subnets","name":"default","provider_name":"registry.terraform.io/hashicorp/aws","schema_version":0,"values":{"filter":[{"name":"vpc-id","values":["vpc-bacfbcd896e48c2b8"]}],"id":"us-east-1","ids":["subnet-a9010bc1938c7028a","subnet-5a9ec28c3c4babc2c","subnet-0d81073a7d643f31b","subnet-31b17319e1cb0e6a7","subnet-fc963c193ca3f391f","subnet-e7d1873c4773c99c7"],"region":"us-east-1","tags":null,"timeouts":null},"sensitive_values":{"filter":[{"values":[false]}],"ids":[false,false,false,false,false,false]}},{"address":"data.aws_vpc.default","mode":"data","type":"aws_vpc","name":"default","provider_name":"registry.terraform.io/hashicorp/aws","schema_version":0,"values":{"arn":"arn:aws:ec2:us-east-1:000000000000:vpc/vpc-bacfbcd896e48c2b8","cidr_block":"172.31.0.0/16","cidr_block_associations":[{"association_id":"vpc-cidr-assoc-5689832be02584f26","cidr_block":"172.31.0.0/16","state":"associated"}],"default":true,"dhcp_options_id":"default","enable_dns_hostnames":true,"enable_dns_support":true,"enable_network_address_usage_metrics":false,"filter":null,"id":"vpc-bacfbcd896e48c2b8","instance_tenancy":"default","ipv6_association_id":"","ipv6_cidr_block":"","main_route_table_id":"rtb-f2fd0fb742497c7b9","owner_id":"000000000000","region":"us-east-1","state":null,"tags":{},"timeouts":null},"sensitive_values":{"cidr_block_associations":[{}],"tags":{}}}]}}},"configuration":{"provider_config":{"aws":{"name":"aws","full_name":"registry.terraform.io/hashicorp/aws","version_constraint":"~\u003e 6.28.0","expressions":{"region":{"references":["var.region"]}}}},"root_module":{"outputs":{"alb_dns_name":{"expression":{"references":["aws_lb.react_jg_app.dns_name","aws_lb.react_jg_app"]},"description":"Application Load Balancer DNS Name"},"ecs_service_name":{"expression":{"references":["aws_ecs_service.react_jg_app.name","aws_ecs_service.react_jg_app"]},"description":"ECS Service Name"}},"resources":[{"address":"aws_ecr_repository.react_jg_app","mode":"managed","type":"aws_ecr_repository","name":"react_jg_app","provider_config_key":"aws","expressions":{"name":{"references":["var.app_name"]}},"schema_version":0},{"address":"aws_ecs_cluster.react_jg_app","mode":"managed","type":"aws_ecs_cluster","name":"react_jg_app","provider_config_key":"aws","expressions":{"name":{"references":["var.app_name"]},"tags":{"references":["var.app_name"]}},"schema_version":0},{"address":"aws_ecs_service.react_jg_app","mode":"managed","type":"aws_ecs_service","name":"react_jg_app","provider_config_key":"aws","expressions":{"cluster":{"references":["aws_ecs_cluster.react_jg_app.id","aws_ecs_cluster.react_jg_app"]},"desired_count":{"constant_value":1},"launch_type":{"constant_value":"FARGATE"},"load_balancer":[{"container_name":{"references":["var.app_name"]},"container_port":{"constant_value":3000},"target_group_arn":{"references":["aws_lb_target_group.react_jg_app.arn","aws_lb_target_group.react_jg_app"]}}],"name":{"references":["var.app_name"]},"network_configuration":[{"assign_public_ip":{"constant_value":true},"security_groups":{"references":["aws_security_group.react_jg_app.id","aws_security_group.react_jg_app"]},"subnets":{"references":["data.aws_subnets.default.ids","data.aws_subnets.default"]}}],"tags":{"references":["var.app_name"]},"task_definition":{"references":["aws_ecs_task_definition.react_jg_app.arn","aws_ecs_task_definition.react_jg_app"]}},"schema_version":1,"depends_on":["aws_lb_listener.react_jg_app"]},{"address":"aws_ecs_task_definition.react_jg_app","mode":"managed","type":"aws_ecs_task_definition","name":"react_jg_app","provider_config_key":"aws","expressions":{"container_definitions":{"references":["var.app_name","aws_ecr_repository.react_jg_app.repository_url","aws_ecr_repository.react_jg_app"]},"cpu":{"constant_value":"256"},"execution_role_arn":{"references":["aws_iam_role.ecs_task_execution.arn","aws_iam_role.ecs_task_execution"]},"family":{"references":["var.app_name"]},"memory":{"constant_value":"512"},"network_mode":{"constant_value":"awsvpc"},"requires_compatibilities":{"constant_value":["FARGATE"]}},"schema_version":1},{"address":"aws_iam_role.ecs_task_execution","mode":"managed","type":"aws_iam_role","name":"ecs_task_execution","provider_config_key":"aws","expressions":{"assume_role_policy":{},"name":{"references":["var.app_name"]}},"schema_version":0},{"address":"aws_iam_role_policy_attachment.ecs_task_execution","mode":"managed","type":"aws_iam_role_policy_attachment","name":"ecs_task_execution","provider_config_key":"aws","expressions":{"policy_arn":{"constant_value":"arn:aws:iam::aws:policy/service-role/AmazonECSTaskExecutionRolePolicy"},"role":{"references":["aws_iam_role.ecs_task_execution.name","aws_iam_role.ecs_task_execution"]}},"schema_version":0},{"address":"aws_lb.react_jg_app","mode":"managed","type":"aws_lb","name":"react_jg_app","provider_config_key":"aws","expressions":{"internal":{"constant_value":false},"load_balancer_type":{"constant_value":"application"},"name":{"references":["var.app_name"]},"subnets":{"references":["data.aws_subnets.default.ids","data.aws_subnets.default"]},"tags":{"references":["var.app_name"]}},"schema_version":0},{"address":"aws_lb_listener.react_jg_app","mode":"managed","type":"aws_lb_listener","name":"react_jg_app","provider_config_key":"aws","expressions":{"default_action":[{"target_group_arn":{"references":["aws_lb_target_group.react_jg_app.arn","aws_lb_target_group.react_jg_app"]},"type":{"constant_value":"forward"}}],"load_balancer_arn":{"references":["aws_lb.react_jg_app.arn","aws_lb.react_jg_app"]},"port":{"constant_value":80},"protocol":{"constant_value":"HTTP"}},"schema_version":0},{"address":"aws_lb_target_group.react_jg_app","mode":"managed","type":"aws_lb_target_group","name":"react_jg_app","provider_config_key":"aws","expressions":{"health_check":[{"healthy_threshold":{"constant_value":2},"interval":{"constant_value":30},"matcher":{"constant_value":"200-399"},"path":{"constant_value":"/"},"protocol":{"constant_value":"HTTP"},"timeout":{"constant_value":5},"unhealthy_threshold":{"constant_value":2}}],"name":{"references":["var.app_name"]},"port":{"constant_value":3000},"protocol":{"constant_value":"HTTP"},"tags":{"references":["var.app_name"]},"vpc_id":{"references":["data.aws_vpc.default.id","data.aws_vpc.default"]}},"schema_version":0},{"address":"aws_security_group.react_jg_app","mode":"managed","type":"aws_security_group","name":"react_jg_app","provider_config_key":"aws","expressions":{"description":{"constant_value":"Allow HTTP inbound traffic"},"egress":{"constant_value":[{"cidr_blocks":["0.0.0.0/0"],"description":null,"from_port":0,"ipv6_cidr_blocks":null,"prefix_list_ids":null,"protocol":"-1","security_groups":null,"self":null,"to_port":0}]},"ingress":{"constant_value":[{"cidr_blocks":["0.0.0.0/0"],"description":null,"from_port":80,"ipv6_cidr_blocks":null,"prefix_list_ids":null,"protocol":"tcp","security_groups":null,"self":null,"to_port":80}]},"name":{"references":["var.app_name"]},"tags":{"references":["var.app_name"]},"vpc_id":{"references":["data.aws_vpc.default.id","data.aws_vpc.default"]}},"schema_version":1},{"address":"data.aws_caller_identity.current","mode":"data","type":"aws_caller_identity","name":"current","provider_config_key":"aws","schema_version":0},{"address":"data.aws_region.current","mode":"data","type":"aws_region","name":"current","provider_config_key":"aws","schema_version":0},{"address":"data.aws_subnets.default","mode":"data","type":"aws_subnets","name":"default","provider_config_key":"aws","expressions":{"filter":[{"name":{"constant_value":"vpc-id"},"values":{"references":["data.aws_vpc.default.id","data.aws_vpc.default"]}}]},"schema_version":0},{"address":"data.aws_vpc.default","mode":"data","type":"aws_vpc","name":"default","provider_config_key":"aws","expressions":{"default":{"constant_value":true}},"schema_version":0}],"variables":{"app_name":{"default":"react-jg-app","description":"Name of the application"},"region":{"default":"us-east-1","description":"AWS region to deploy resources"}}}},"relevant_attributes":[{"resource":"aws_ecs_service.react_jg_app","attribute":["name"]},{"resource":"aws_ecs_task_definition.react_jg_app","attribute":["arn"]},{"resource":"aws_ecr_repository.react_jg_app","attribute":["repository_url"]},{"resource":"aws_iam_role.ecs_task_execution","attribute":["name"]},{"resource":"aws_lb.react_jg_app","attribute":["arn"]},{"resource":"aws_ecs_cluster.react_jg_app","attribute":["id"]},{"resource":"aws_lb_target_group.react_jg_app","attribute":["arn"]},{"resource":"data.aws_subnets.default","attribute":["ids"]},{"resource":"data.aws_vpc.default","attribute":["id"]},{"resource":"aws_iam_role.ecs_task_execution","attribute":["arn"]},{"resource":"aws_lb.react_jg_app","attribute":["dns_name"]},{"resource":"aws_security_group.react_jg_app","attribute":["id"]}],"timestamp":"2026-01-23T14:38:54Z","applyable":true,"complete":true,"errored":false}
