data.aws_vpc.default: Reading...
data.aws_ami.al2023: Reading...
data.aws_vpc.default: Read complete after 0s [id=vpc-b89026ff08b0ed100]
data.aws_subnets.default: Reading...
data.aws_subnets.default: Read complete after 0s [id=us-west-2]
data.aws_ami.al2023: Read complete after 4s [id=ami-06a974f9b8a97ecf2]

Terraform used the selected providers to generate the following execution
plan. Resource actions are indicated with the following symbols:
  + create

Terraform will perform the following actions:

  # aws_instance.app will be created
  + resource "aws_instance" "app" {
      + ami                                  = "ami-06a974f9b8a97ecf2"
      + arn                                  = (known after apply)
      + associate_public_ip_address          = true
      + availability_zone                    = (known after apply)
      + cpu_core_count                       = (known after apply)
      + cpu_threads_per_core                 = (known after apply)
      + disable_api_stop                     = (known after apply)
      + disable_api_termination              = (known after apply)
      + ebs_optimized                        = (known after apply)
      + enable_primary_ipv6                  = (known after apply)
      + get_password_data                    = false
      + host_id                              = (known after apply)
      + host_resource_group_arn              = (known after apply)
      + iam_instance_profile                 = (known after apply)
      + id                                   = (known after apply)
      + instance_initiated_shutdown_behavior = (known after apply)
      + instance_lifecycle                   = (known after apply)
      + instance_state                       = (known after apply)
      + instance_type                        = "t3.micro"
      + ipv6_address_count                   = (known after apply)
      + ipv6_addresses                       = (known after apply)
      + key_name                             = (known after apply)
      + monitoring                           = (known after apply)
      + outpost_arn                          = (known after apply)
      + password_data                        = (known after apply)
      + placement_group                      = (known after apply)
      + placement_partition_number           = (known after apply)
      + primary_network_interface_id         = (known after apply)
      + private_dns                          = (known after apply)
      + private_ip                           = (known after apply)
      + public_dns                           = (known after apply)
      + public_ip                            = (known after apply)
      + secondary_private_ips                = (known after apply)
      + security_groups                      = (known after apply)
      + source_dest_check                    = true
      + spot_instance_request_id             = (known after apply)
      + subnet_id                            = "subnet-7bb936d79289bf417"
      + tags                                 = {
          + "Name" = "zezf-ec2"
        }
      + tags_all                             = {
          + "Name" = "zezf-ec2"
        }
      + tenancy                              = (known after apply)
      + user_data                            = "335657d0536921af8309d1beb3ecde24d9e05ed1"
      + user_data_base64                     = (known after apply)
      + user_data_replace_on_change          = false
      + vpc_security_group_ids               = (known after apply)

      + capacity_reservation_specification (known after apply)

      + cpu_options (known after apply)

      + ebs_block_device (known after apply)

      + enclave_options (known after apply)

      + ephemeral_block_device (known after apply)

      + instance_market_options (known after apply)

      + maintenance_options (known after apply)

      + metadata_options (known after apply)

      + network_interface (known after apply)

      + private_dns_name_options (known after apply)

      + root_block_device (known after apply)
    }

  # aws_security_group.app will be created
  + resource "aws_security_group" "app" {
      + arn                    = (known after apply)
      + description            = "Security group for zezf Node/Express app"
      + egress                 = [
          + {
              + cidr_blocks      = [
                  + "0.0.0.0/0",
                ]
              + from_port        = 0
              + ipv6_cidr_blocks = []
              + prefix_list_ids  = []
              + protocol         = "-1"
              + security_groups  = []
              + self             = false
              + to_port          = 0
                # (1 unchanged attribute hidden)
            },
        ]
      + id                     = (known after apply)
      + ingress                = [
          + {
              + cidr_blocks      = [
                  + "0.0.0.0/0",
                ]
              + description      = "HTTP app port"
              + from_port        = 3000
              + ipv6_cidr_blocks = []
              + prefix_list_ids  = []
              + protocol         = "tcp"
              + security_groups  = []
              + self             = false
              + to_port          = 3000
            },
        ]
      + name                   = (known after apply)
      + name_prefix            = "zezf-sg-"
      + owner_id               = (known after apply)
      + revoke_rules_on_delete = false
      + tags                   = {
          + "Name" = "zezf-sg"
        }
      + tags_all               = {
          + "Name" = "zezf-sg"
        }
      + vpc_id                 = "vpc-b89026ff08b0ed100"
    }

Plan: 2 to add, 0 to change, 0 to destroy.

Changes to Outputs:
  + app_url     = (known after apply)
  + instance_id = (known after apply)
  + public_ip   = (known after apply)
aws_security_group.app: Creating...
aws_security_group.app: Creation complete after 0s [id=sg-b81807c68de7aa326]
aws_instance.app: Creating...
aws_instance.app: Still creating... [00m10s elapsed]
aws_instance.app: Creation complete after 16s [id=i-03b33154587c6cd87]

Apply complete! Resources: 2 added, 0 changed, 0 destroyed.

Outputs:

app_url = "http://54.214.237.108:3000/"
instance_id = "i-03b33154587c6cd87"
public_ip = "54.214.237.108"
