{"format_version":"1.2","terraform_version":"1.13.5","variables":{"allowed_ssh_cidr":{"value":"0.0.0.0/0"},"app_name":{"value":"zezf"},"aws_region":{"value":"us-west-2"},"instance_type":{"value":"t3.micro"},"ssh_key_name":{"value":null}},"planned_values":{"outputs":{"app_url":{"sensitive":false},"instance_id":{"sensitive":false},"public_ip":{"sensitive":false}},"root_module":{"resources":[{"address":"aws_instance.app","mode":"managed","type":"aws_instance","name":"app","provider_name":"registry.terraform.io/hashicorp/aws","schema_version":1,"values":{"ami":"ami-06a974f9b8a97ecf2","associate_public_ip_address":true,"credit_specification":[],"get_password_data":false,"hibernation":null,"instance_type":"t3.micro","launch_template":[],"source_dest_check":true,"subnet_id":"subnet-7bb936d79289bf417","tags":{"Name":"zezf-ec2"},"tags_all":{"Name":"zezf-ec2"},"timeouts":null,"user_data":"335657d0536921af8309d1beb3ecde24d9e05ed1","user_data_replace_on_change":false,"volume_tags":null},"sensitive_values":{"capacity_reservation_specification":[],"cpu_options":[],"credit_specification":[],"ebs_block_device":[],"enclave_options":[],"ephemeral_block_device":[],"instance_market_options":[],"ipv6_addresses":[],"launch_template":[],"maintenance_options":[],"metadata_options":[],"network_interface":[],"private_dns_name_options":[],"root_block_device":[],"secondary_private_ips":[],"security_groups":[],"tags":{},"tags_all":{},"vpc_security_group_ids":[]}},{"address":"aws_security_group.app","mode":"managed","type":"aws_security_group","name":"app","provider_name":"registry.terraform.io/hashicorp/aws","schema_version":1,"values":{"description":"Security group for zezf Node/Express app","egress":[{"cidr_blocks":["0.0.0.0/0"],"description":"","from_port":0,"ipv6_cidr_blocks":[],"prefix_list_ids":[],"protocol":"-1","security_groups":[],"self":false,"to_port":0}],"ingress":[{"cidr_blocks":["0.0.0.0/0"],"description":"HTTP app port","from_port":3000,"ipv6_cidr_blocks":[],"prefix_list_ids":[],"protocol":"tcp","security_groups":[],"self":false,"to_port":3000}],"name_prefix":"zezf-sg-","revoke_rules_on_delete":false,"tags":{"Name":"zezf-sg"},"tags_all":{"Name":"zezf-sg"},"timeouts":null,"vpc_id":"vpc-b89026ff08b0ed100"},"sensitive_values":{"egress":[{"cidr_blocks":[false],"ipv6_cidr_blocks":[],"prefix_list_ids":[],"security_groups":[]}],"ingress":[{"cidr_blocks":[false],"ipv6_cidr_blocks":[],"prefix_list_ids":[],"security_groups":[]}],"tags":{},"tags_all":{}}}]}},"resource_changes":[{"address":"aws_instance.app","mode":"managed","type":"aws_instance","name":"app","provider_name":"registry.terraform.io/hashicorp/aws","change":{"actions":["create"],"before":null,"after":{"ami":"ami-06a974f9b8a97ecf2","associate_public_ip_address":true,"credit_specification":[],"get_password_data":false,"hibernation":null,"instance_type":"t3.micro","launch_template":[],"source_dest_check":true,"subnet_id":"subnet-7bb936d79289bf417","tags":{"Name":"zezf-ec2"},"tags_all":{"Name":"zezf-ec2"},"timeouts":null,"user_data":"335657d0536921af8309d1beb3ecde24d9e05ed1","user_data_replace_on_change":false,"volume_tags":null},"after_unknown":{"arn":true,"availability_zone":true,"capacity_reservation_specification":true,"cpu_core_count":true,"cpu_options":true,"cpu_threads_per_core":true,"credit_specification":[],"disable_api_stop":true,"disable_api_termination":true,"ebs_block_device":true,"ebs_optimized":true,"enable_primary_ipv6":true,"enclave_options":true,"ephemeral_block_device":true,"host_id":true,"host_resource_group_arn":true,"iam_instance_profile":true,"id":true,"instance_initiated_shutdown_behavior":true,"instance_lifecycle":true,"instance_market_options":true,"instance_state":true,"ipv6_address_count":true,"ipv6_addresses":true,"key_name":true,"launch_template":[],"maintenance_options":true,"metadata_options":true,"monitoring":true,"network_interface":true,"outpost_arn":true,"password_data":true,"placement_group":true,"placement_partition_number":true,"primary_network_interface_id":true,"private_dns":true,"private_dns_name_options":true,"private_ip":true,"public_dns":true,"public_ip":true,"root_block_device":true,"secondary_private_ips":true,"security_groups":true,"spot_instance_request_id":true,"tags":{},"tags_all":{},"tenancy":true,"user_data_base64":true,"vpc_security_group_ids":true},"before_sensitive":false,"after_sensitive":{"capacity_reservation_specification":[],"cpu_options":[],"credit_specification":[],"ebs_block_device":[],"enclave_options":[],"ephemeral_block_device":[],"instance_market_options":[],"ipv6_addresses":[],"launch_template":[],"maintenance_options":[],"metadata_options":[],"network_interface":[],"private_dns_name_options":[],"root_block_device":[],"secondary_private_ips":[],"security_groups":[],"tags":{},"tags_all":{},"vpc_security_group_ids":[]}}},{"address":"aws_security_group.app","mode":"managed","type":"aws_security_group","name":"app","provider_name":"registry.terraform.io/hashicorp/aws","change":{"actions":["create"],"before":null,"after":{"description":"Security group for zezf Node/Express app","egress":[{"cidr_blocks":["0.0.0.0/0"],"description":"","from_port":0,"ipv6_cidr_blocks":[],"prefix_list_ids":[],"protocol":"-1","security_groups":[],"self":false,"to_port":0}],"ingress":[{"cidr_blocks":["0.0.0.0/0"],"description":"HTTP app port","from_port":3000,"ipv6_cidr_blocks":[],"prefix_list_ids":[],"protocol":"tcp","security_groups":[],"self":false,"to_port":3000}],"name_prefix":"zezf-sg-","revoke_rules_on_delete":false,"tags":{"Name":"zezf-sg"},"tags_all":{"Name":"zezf-sg"},"timeouts":null,"vpc_id":"vpc-b89026ff08b0ed100"},"after_unknown":{"arn":true,"egress":[{"cidr_blocks":[false],"ipv6_cidr_blocks":[],"prefix_list_ids":[],"security_groups":[]}],"id":true,"ingress":[{"cidr_blocks":[false],"ipv6_cidr_blocks":[],"prefix_list_ids":[],"security_groups":[]}],"name":true,"owner_id":true,"tags":{},"tags_all":{}},"before_sensitive":false,"after_sensitive":{"egress":[{"cidr_blocks":[false],"ipv6_cidr_blocks":[],"prefix_list_ids":[],"security_groups":[]}],"ingress":[{"cidr_blocks":[false],"ipv6_cidr_blocks":[],"prefix_list_ids":[],"security_groups":[]}],"tags":{},"tags_all":{}}}}],"output_changes":{"app_url":{"actions":["create"],"before":null,"after_unknown":true,"before_sensitive":false,"after_sensitive":false},"instance_id":{"actions":["create"],"before":null,"after_unknown":true,"before_sensitive":false,"after_sensitive":false},"public_ip":{"actions":["create"],"before":null,"after_unknown":true,"before_sensitive":false,"after_sensitive":false}},"prior_state":{"format_version":"1.0","terraform_version":"1.13.5","values":{"root_module":{"resources":[{"address":"data.aws_ami.al2023","mode":"data","type":"aws_ami","name":"al2023","provider_name":"registry.terraform.io/hashicorp/aws","schema_version":0,"values":{"architecture":"x86_64","arn":"arn:aws:ec2:us-west-2::image/ami-06a974f9b8a97ecf2","block_device_mappings":[{"device_name":"/dev/xvda","ebs":{"delete_on_termination":"false","encrypted":"false","iops":"0","snapshot_id":"snap-f9970d18bbeb41db6","throughput":"0","volume_initialization_rate":"0","volume_size":"15","volume_type":"standard"},"no_device":"","virtual_name":""}],"boot_mode":"uefi","creation_date":"2026-01-27T12:12:11.000Z","deprecation_time":"","description":"Amazon Linux 2023 AMI 2023.8.20250915.0 x86_64 HVM kernel-6.1","ena_support":false,"executable_users":null,"filter":[{"name":"architecture","values":["x86_64"]},{"name":"name","values":["al2023-ami-*-x86_64"]},{"name":"virtualization-type","values":["hvm"]}],"hypervisor":"xen","id":"ami-06a974f9b8a97ecf2","image_id":"ami-06a974f9b8a97ecf2","image_location":"","image_owner_alias":"amazon","image_type":"machine","imds_support":"","include_deprecated":false,"kernel_id":"","last_launched_time":"","most_recent":true,"name":"al2023-ami-2023.8.20250915.0-kernel-6.1-x86_64","name_regex":null,"owner_id":"137112412989","owners":["amazon"],"platform":"","platform_details":"","product_codes":[],"public":true,"ramdisk_id":"","root_device_name":"/dev/xvda","root_device_type":"ebs","root_snapshot_id":"snap-f9970d18bbeb41db6","sriov_net_support":"","state":"available","state_reason":{"code":"UNSET","message":"UNSET"},"tags":{},"timeouts":null,"tpm_support":"","uefi_data":null,"usage_operation":"","virtualization_type":"hvm"},"sensitive_values":{"block_device_mappings":[{"ebs":{}}],"filter":[{"values":[false]},{"values":[false]},{"values":[false]}],"owners":[false],"product_codes":[],"state_reason":{},"tags":{}}},{"address":"data.aws_subnets.default","mode":"data","type":"aws_subnets","name":"default","provider_name":"registry.terraform.io/hashicorp/aws","schema_version":0,"values":{"filter":[{"name":"vpc-id","values":["vpc-b89026ff08b0ed100"]}],"id":"us-west-2","ids":["subnet-7bb936d79289bf417","subnet-6003aeaa84244d4ab","subnet-c12ffa8090b7a3f30","subnet-2aa954cd090b811f5"],"tags":null,"timeouts":null},"sensitive_values":{"filter":[{"values":[false]}],"ids":[false,false,false,false]}},{"address":"data.aws_vpc.default","mode":"data","type":"aws_vpc","name":"default","provider_name":"registry.terraform.io/hashicorp/aws","schema_version":0,"values":{"arn":"arn:aws:ec2:us-west-2:000000000000:vpc/vpc-b89026ff08b0ed100","cidr_block":"172.31.0.0/16","cidr_block_associations":[{"association_id":"vpc-cidr-assoc-075b13bb05c81a364","cidr_block":"172.31.0.0/16","state":"associated"}],"default":true,"dhcp_options_id":"default","enable_dns_hostnames":true,"enable_dns_support":true,"enable_network_address_usage_metrics":false,"filter":null,"id":"vpc-b89026ff08b0ed100","instance_tenancy":"default","ipv6_association_id":"","ipv6_cidr_block":"","main_route_table_id":"rtb-913151c09554b0c59","owner_id":"000000000000","state":null,"tags":{},"timeouts":null},"sensitive_values":{"cidr_block_associations":[{}],"tags":{}}}]}}},"configuration":{"provider_config":{"aws":{"name":"aws","full_name":"registry.terraform.io/hashicorp/aws","version_constraint":"~\u003e 5.0","expressions":{"region":{"references":["var.aws_region"]}}}},"root_module":{"outputs":{"app_url":{"expression":{"references":["aws_instance.app.public_ip","aws_instance.app"]},"description":"URL to access the app."},"instance_id":{"expression":{"references":["aws_instance.app.id","aws_instance.app"]},"description":"EC2 instance id running the app."},"public_ip":{"expression":{"references":["aws_instance.app.public_ip","aws_instance.app"]},"description":"Public IP of the EC2 instance."}},"resources":[{"address":"aws_instance.app","mode":"managed","type":"aws_instance","name":"app","provider_config_key":"aws","expressions":{"ami":{"references":["data.aws_ami.al2023.id","data.aws_ami.al2023"]},"associate_public_ip_address":{"constant_value":true},"instance_type":{"references":["var.instance_type"]},"key_name":{"references":["var.ssh_key_name"]},"subnet_id":{"references":["data.aws_subnets.default.ids[0]","data.aws_subnets.default.ids","data.aws_subnets.default"]},"tags":{"references":["var.app_name"]},"user_data":{"references":["var.app_name","var.app_name","var.app_name","var.app_name","var.app_name","var.app_name","var.app_name","var.app_name","var.app_name","var.app_name"]},"vpc_security_group_ids":{"references":["aws_security_group.app.id","aws_security_group.app"]}},"schema_version":1},{"address":"aws_security_group.app","mode":"managed","type":"aws_security_group","name":"app","provider_config_key":"aws","expressions":{"description":{"references":["var.app_name"]},"egress":{"constant_value":[{"cidr_blocks":["0.0.0.0/0"],"description":null,"from_port":0,"ipv6_cidr_blocks":null,"prefix_list_ids":null,"protocol":"-1","security_groups":null,"self":null,"to_port":0}]},"ingress":{"constant_value":[{"cidr_blocks":["0.0.0.0/0"],"description":"HTTP app port","from_port":3000,"ipv6_cidr_blocks":null,"prefix_list_ids":null,"protocol":"tcp","security_groups":null,"self":null,"to_port":3000}]},"name_prefix":{"references":["var.app_name"]},"tags":{"references":["var.app_name"]},"vpc_id":{"references":["data.aws_vpc.default.id","data.aws_vpc.default"]}},"schema_version":1},{"address":"data.aws_ami.al2023","mode":"data","type":"aws_ami","name":"al2023","provider_config_key":"aws","expressions":{"filter":[{"name":{"constant_value":"name"},"values":{"constant_value":["al2023-ami-*-x86_64"]}},{"name":{"constant_value":"architecture"},"values":{"constant_value":["x86_64"]}},{"name":{"constant_value":"virtualization-type"},"values":{"constant_value":["hvm"]}}],"most_recent":{"constant_value":true},"owners":{"constant_value":["amazon"]}},"schema_version":0},{"address":"data.aws_subnets.default","mode":"data","type":"aws_subnets","name":"default","provider_config_key":"aws","expressions":{"filter":[{"name":{"constant_value":"vpc-id"},"values":{"references":["data.aws_vpc.default.id","data.aws_vpc.default"]}}]},"schema_version":0},{"address":"data.aws_vpc.default","mode":"data","type":"aws_vpc","name":"default","provider_config_key":"aws","expressions":{"default":{"constant_value":true}},"schema_version":0}],"variables":{"allowed_ssh_cidr":{"default":"0.0.0.0/0","description":"CIDR allowed to SSH when ssh_key_name is set."},"app_name":{"default":"zezf","description":"Name prefix for resources."},"aws_region":{"default":"us-west-2","description":"AWS region to deploy into."},"instance_type":{"default":"t3.micro","description":"EC2 instance type."},"ssh_key_name":{"default":null,"description":"Optional existing EC2 Key Pair name to enable SSH access. Leave null to disable SSH ingress."}}}},"relevant_attributes":[{"resource":"data.aws_vpc.default","attribute":["id"]},{"resource":"data.aws_ami.al2023","attribute":["id"]},{"resource":"data.aws_subnets.default","attribute":["ids",0]},{"resource":"aws_security_group.app","attribute":["id"]},{"resource":"aws_instance.app","attribute":["id"]},{"resource":"aws_instance.app","attribute":["public_ip"]}],"timestamp":"2026-01-27T12:12:10Z","applyable":true,"complete":true,"errored":false}
