{"format_version":"1.2","terraform_version":"1.13.5","variables":{"app_name":{"value":"lambda-api"},"aws_region":{"value":"ap-south-1"},"bucket_name":{"value":null},"lambda_zip_path":{"value":"../lambda_function.zip"},"stage_name":{"value":"v1"}},"planned_values":{"outputs":{"api_base_url":{"sensitive":false},"api_route":{"sensitive":false},"bucket_name":{"sensitive":false,"type":"string","value":"lambda-api-000000000000-ap-south-1"}},"root_module":{"resources":[{"address":"aws_apigatewayv2_api.http","mode":"managed","type":"aws_apigatewayv2_api","name":"http","provider_name":"registry.terraform.io/hashicorp/aws","schema_version":0,"values":{"api_key_selection_expression":"$request.header.x-api-key","body":null,"cors_configuration":[],"credentials_arn":null,"description":null,"disable_execute_api_endpoint":null,"fail_on_warnings":null,"name":"lambda-api-http-api","protocol_type":"HTTP","route_key":null,"route_selection_expression":"$request.method $request.path","tags":{"Application":"lambda-api","ManagedBy":"terraform"},"tags_all":{"Application":"lambda-api","ManagedBy":"terraform"},"target":null,"version":null},"sensitive_values":{"cors_configuration":[],"tags":{},"tags_all":{}}},{"address":"aws_apigatewayv2_integration.lambda","mode":"managed","type":"aws_apigatewayv2_integration","name":"lambda","provider_name":"registry.terraform.io/hashicorp/aws","schema_version":0,"values":{"connection_id":null,"connection_type":"INTERNET","content_handling_strategy":null,"credentials_arn":null,"description":null,"integration_method":"POST","integration_subtype":null,"integration_type":"AWS_PROXY","passthrough_behavior":null,"payload_format_version":"2.0","request_parameters":null,"request_templates":null,"response_parameters":[],"template_selection_expression":null,"tls_config":[]},"sensitive_values":{"response_parameters":[],"tls_config":[]}},{"address":"aws_apigatewayv2_route.folder","mode":"managed","type":"aws_apigatewayv2_route","name":"folder","provider_name":"registry.terraform.io/hashicorp/aws","schema_version":0,"values":{"api_key_required":false,"authorization_scopes":null,"authorization_type":"NONE","authorizer_id":null,"model_selection_expression":null,"operation_name":null,"request_models":null,"request_parameter":[],"route_key":"GET /list-bucket-content/{folder+}","route_response_selection_expression":null},"sensitive_values":{"request_parameter":[]}},{"address":"aws_apigatewayv2_route.root","mode":"managed","type":"aws_apigatewayv2_route","name":"root","provider_name":"registry.terraform.io/hashicorp/aws","schema_version":0,"values":{"api_key_required":false,"authorization_scopes":null,"authorization_type":"NONE","authorizer_id":null,"model_selection_expression":null,"operation_name":null,"request_models":null,"request_parameter":[],"route_key":"GET /list-bucket-content","route_response_selection_expression":null},"sensitive_values":{"request_parameter":[]}},{"address":"aws_apigatewayv2_stage.stage","mode":"managed","type":"aws_apigatewayv2_stage","name":"stage","provider_name":"registry.terraform.io/hashicorp/aws","schema_version":0,"values":{"access_log_settings":[],"auto_deploy":true,"client_certificate_id":null,"default_route_settings":[],"description":null,"name":"v1","route_settings":[],"stage_variables":null,"tags":{"Application":"lambda-api","ManagedBy":"terraform"},"tags_all":{"Application":"lambda-api","ManagedBy":"terraform"}},"sensitive_values":{"access_log_settings":[],"default_route_settings":[],"route_settings":[],"tags":{},"tags_all":{}}},{"address":"aws_cloudwatch_log_group.lambda","mode":"managed","type":"aws_cloudwatch_log_group","name":"lambda","provider_name":"registry.terraform.io/hashicorp/aws","schema_version":0,"values":{"kms_key_id":null,"name":"/aws/lambda/lambda-api-list-bucket-content","retention_in_days":7,"skip_destroy":false,"tags":{"Application":"lambda-api","ManagedBy":"terraform"},"tags_all":{"Application":"lambda-api","ManagedBy":"terraform"}},"sensitive_values":{"tags":{},"tags_all":{}}},{"address":"aws_iam_role.lambda","mode":"managed","type":"aws_iam_role","name":"lambda","provider_name":"registry.terraform.io/hashicorp/aws","schema_version":0,"values":{"assume_role_policy":"{\"Statement\":[{\"Action\":\"sts:AssumeRole\",\"Effect\":\"Allow\",\"Principal\":{\"Service\":\"lambda.amazonaws.com\"}}],\"Version\":\"2012-10-17\"}","description":null,"force_detach_policies":false,"max_session_duration":3600,"name":"lambda-api-lambda-role","path":"/","permissions_boundary":null,"tags":{"Application":"lambda-api","ManagedBy":"terraform"},"tags_all":{"Application":"lambda-api","ManagedBy":"terraform"}},"sensitive_values":{"inline_policy":[],"managed_policy_arns":[],"tags":{},"tags_all":{}}},{"address":"aws_iam_role_policy.lambda","mode":"managed","type":"aws_iam_role_policy","name":"lambda","provider_name":"registry.terraform.io/hashicorp/aws","schema_version":0,"values":{"name":"lambda-api-lambda-policy"},"sensitive_values":{}},{"address":"aws_lambda_function.app","mode":"managed","type":"aws_lambda_function","name":"app","provider_name":"registry.terraform.io/hashicorp/aws","schema_version":0,"values":{"code_signing_config_arn":null,"dead_letter_config":[],"description":null,"environment":[{"variables":{"BUCKET_NAME":"lambda-api-000000000000-ap-south-1"}}],"file_system_config":[],"filename":"../lambda_function.zip","function_name":"lambda-api-list-bucket-content","handler":"lambda_function.lambda_handler","image_config":[],"image_uri":null,"kms_key_arn":null,"layers":null,"memory_size":128,"package_type":"Zip","publish":false,"replace_security_groups_on_destroy":null,"replacement_security_group_ids":null,"reserved_concurrent_executions":-1,"runtime":"python3.12","s3_bucket":null,"s3_key":null,"s3_object_version":null,"skip_destroy":false,"snap_start":[],"source_code_hash":"DGQDmAQhPbzC6+aeIPBjXT+VSkyWHicrjmWl8dW4HAs=","tags":{"Application":"lambda-api","ManagedBy":"terraform"},"tags_all":{"Application":"lambda-api","ManagedBy":"terraform"},"timeout":3,"timeouts":null,"vpc_config":[]},"sensitive_values":{"architectures":[],"dead_letter_config":[],"environment":[{"variables":{}}],"ephemeral_storage":[],"file_system_config":[],"image_config":[],"logging_config":[],"snap_start":[],"tags":{},"tags_all":{},"tracing_config":[],"vpc_config":[]}},{"address":"aws_lambda_permission.apigw","mode":"managed","type":"aws_lambda_permission","name":"apigw","provider_name":"registry.terraform.io/hashicorp/aws","schema_version":0,"values":{"action":"lambda:InvokeFunction","event_source_token":null,"function_name":"lambda-api-list-bucket-content","function_url_auth_type":null,"principal":"apigateway.amazonaws.com","principal_org_id":null,"qualifier":null,"source_account":null,"statement_id":"AllowExecutionFromAPIGatewayV2"},"sensitive_values":{}},{"address":"aws_s3_bucket.app","mode":"managed","type":"aws_s3_bucket","name":"app","provider_name":"registry.terraform.io/hashicorp/aws","schema_version":0,"values":{"bucket":"lambda-api-000000000000-ap-south-1","force_destroy":false,"tags":{"Application":"lambda-api","ManagedBy":"terraform"},"tags_all":{"Application":"lambda-api","ManagedBy":"terraform"},"timeouts":null},"sensitive_values":{"cors_rule":[],"grant":[],"lifecycle_rule":[],"logging":[],"object_lock_configuration":[],"replication_configuration":[],"server_side_encryption_configuration":[],"tags":{},"tags_all":{},"versioning":[],"website":[]}},{"address":"aws_s3_bucket_public_access_block.app","mode":"managed","type":"aws_s3_bucket_public_access_block","name":"app","provider_name":"registry.terraform.io/hashicorp/aws","schema_version":0,"values":{"block_public_acls":true,"block_public_policy":true,"ignore_public_acls":true,"restrict_public_buckets":true},"sensitive_values":{}}]}},"resource_changes":[{"address":"aws_apigatewayv2_api.http","mode":"managed","type":"aws_apigatewayv2_api","name":"http","provider_name":"registry.terraform.io/hashicorp/aws","change":{"actions":["create"],"before":null,"after":{"api_key_selection_expression":"$request.header.x-api-key","body":null,"cors_configuration":[],"credentials_arn":null,"description":null,"disable_execute_api_endpoint":null,"fail_on_warnings":null,"name":"lambda-api-http-api","protocol_type":"HTTP","route_key":null,"route_selection_expression":"$request.method $request.path","tags":{"Application":"lambda-api","ManagedBy":"terraform"},"tags_all":{"Application":"lambda-api","ManagedBy":"terraform"},"target":null,"version":null},"after_unknown":{"api_endpoint":true,"arn":true,"cors_configuration":[],"execution_arn":true,"id":true,"ip_address_type":true,"tags":{},"tags_all":{}},"before_sensitive":false,"after_sensitive":{"cors_configuration":[],"tags":{},"tags_all":{}}}},{"address":"aws_apigatewayv2_integration.lambda","mode":"managed","type":"aws_apigatewayv2_integration","name":"lambda","provider_name":"registry.terraform.io/hashicorp/aws","change":{"actions":["create"],"before":null,"after":{"connection_id":null,"connection_type":"INTERNET","content_handling_strategy":null,"credentials_arn":null,"description":null,"integration_method":"POST","integration_subtype":null,"integration_type":"AWS_PROXY","passthrough_behavior":null,"payload_format_version":"2.0","request_parameters":null,"request_templates":null,"response_parameters":[],"template_selection_expression":null,"tls_config":[]},"after_unknown":{"api_id":true,"id":true,"integration_response_selection_expression":true,"integration_uri":true,"response_parameters":[],"timeout_milliseconds":true,"tls_config":[]},"before_sensitive":false,"after_sensitive":{"response_parameters":[],"tls_config":[]}}},{"address":"aws_apigatewayv2_route.folder","mode":"managed","type":"aws_apigatewayv2_route","name":"folder","provider_name":"registry.terraform.io/hashicorp/aws","change":{"actions":["create"],"before":null,"after":{"api_key_required":false,"authorization_scopes":null,"authorization_type":"NONE","authorizer_id":null,"model_selection_expression":null,"operation_name":null,"request_models":null,"request_parameter":[],"route_key":"GET /list-bucket-content/{folder+}","route_response_selection_expression":null},"after_unknown":{"api_id":true,"id":true,"request_parameter":[],"target":true},"before_sensitive":false,"after_sensitive":{"request_parameter":[]}}},{"address":"aws_apigatewayv2_route.root","mode":"managed","type":"aws_apigatewayv2_route","name":"root","provider_name":"registry.terraform.io/hashicorp/aws","change":{"actions":["create"],"before":null,"after":{"api_key_required":false,"authorization_scopes":null,"authorization_type":"NONE","authorizer_id":null,"model_selection_expression":null,"operation_name":null,"request_models":null,"request_parameter":[],"route_key":"GET /list-bucket-content","route_response_selection_expression":null},"after_unknown":{"api_id":true,"id":true,"request_parameter":[],"target":true},"before_sensitive":false,"after_sensitive":{"request_parameter":[]}}},{"address":"aws_apigatewayv2_stage.stage","mode":"managed","type":"aws_apigatewayv2_stage","name":"stage","provider_name":"registry.terraform.io/hashicorp/aws","change":{"actions":["create"],"before":null,"after":{"access_log_settings":[],"auto_deploy":true,"client_certificate_id":null,"default_route_settings":[],"description":null,"name":"v1","route_settings":[],"stage_variables":null,"tags":{"Application":"lambda-api","ManagedBy":"terraform"},"tags_all":{"Application":"lambda-api","ManagedBy":"terraform"}},"after_unknown":{"access_log_settings":[],"api_id":true,"arn":true,"default_route_settings":[],"deployment_id":true,"execution_arn":true,"id":true,"invoke_url":true,"route_settings":[],"tags":{},"tags_all":{}},"before_sensitive":false,"after_sensitive":{"access_log_settings":[],"default_route_settings":[],"route_settings":[],"tags":{},"tags_all":{}}}},{"address":"aws_cloudwatch_log_group.lambda","mode":"managed","type":"aws_cloudwatch_log_group","name":"lambda","provider_name":"registry.terraform.io/hashicorp/aws","change":{"actions":["create"],"before":null,"after":{"kms_key_id":null,"name":"/aws/lambda/lambda-api-list-bucket-content","retention_in_days":7,"skip_destroy":false,"tags":{"Application":"lambda-api","ManagedBy":"terraform"},"tags_all":{"Application":"lambda-api","ManagedBy":"terraform"}},"after_unknown":{"arn":true,"id":true,"log_group_class":true,"name_prefix":true,"tags":{},"tags_all":{}},"before_sensitive":false,"after_sensitive":{"tags":{},"tags_all":{}}}},{"address":"aws_iam_role.lambda","mode":"managed","type":"aws_iam_role","name":"lambda","provider_name":"registry.terraform.io/hashicorp/aws","change":{"actions":["create"],"before":null,"after":{"assume_role_policy":"{\"Statement\":[{\"Action\":\"sts:AssumeRole\",\"Effect\":\"Allow\",\"Principal\":{\"Service\":\"lambda.amazonaws.com\"}}],\"Version\":\"2012-10-17\"}","description":null,"force_detach_policies":false,"max_session_duration":3600,"name":"lambda-api-lambda-role","path":"/","permissions_boundary":null,"tags":{"Application":"lambda-api","ManagedBy":"terraform"},"tags_all":{"Application":"lambda-api","ManagedBy":"terraform"}},"after_unknown":{"arn":true,"create_date":true,"id":true,"inline_policy":true,"managed_policy_arns":true,"name_prefix":true,"tags":{},"tags_all":{},"unique_id":true},"before_sensitive":false,"after_sensitive":{"inline_policy":[],"managed_policy_arns":[],"tags":{},"tags_all":{}}}},{"address":"aws_iam_role_policy.lambda","mode":"managed","type":"aws_iam_role_policy","name":"lambda","provider_name":"registry.terraform.io/hashicorp/aws","change":{"actions":["create"],"before":null,"after":{"name":"lambda-api-lambda-policy"},"after_unknown":{"id":true,"name_prefix":true,"policy":true,"role":true},"before_sensitive":false,"after_sensitive":{}}},{"address":"aws_lambda_function.app","mode":"managed","type":"aws_lambda_function","name":"app","provider_name":"registry.terraform.io/hashicorp/aws","change":{"actions":["create"],"before":null,"after":{"code_signing_config_arn":null,"dead_letter_config":[],"description":null,"environment":[{"variables":{"BUCKET_NAME":"lambda-api-000000000000-ap-south-1"}}],"file_system_config":[],"filename":"../lambda_function.zip","function_name":"lambda-api-list-bucket-content","handler":"lambda_function.lambda_handler","image_config":[],"image_uri":null,"kms_key_arn":null,"layers":null,"memory_size":128,"package_type":"Zip","publish":false,"replace_security_groups_on_destroy":null,"replacement_security_group_ids":null,"reserved_concurrent_executions":-1,"runtime":"python3.12","s3_bucket":null,"s3_key":null,"s3_object_version":null,"skip_destroy":false,"snap_start":[],"source_code_hash":"DGQDmAQhPbzC6+aeIPBjXT+VSkyWHicrjmWl8dW4HAs=","tags":{"Application":"lambda-api","ManagedBy":"terraform"},"tags_all":{"Application":"lambda-api","ManagedBy":"terraform"},"timeout":3,"timeouts":null,"vpc_config":[]},"after_unknown":{"architectures":true,"arn":true,"code_sha256":true,"dead_letter_config":[],"environment":[{"variables":{}}],"ephemeral_storage":true,"file_system_config":[],"id":true,"image_config":[],"invoke_arn":true,"last_modified":true,"logging_config":true,"qualified_arn":true,"qualified_invoke_arn":true,"role":true,"signing_job_arn":true,"signing_profile_version_arn":true,"snap_start":[],"source_code_size":true,"tags":{},"tags_all":{},"tracing_config":true,"version":true,"vpc_config":[]},"before_sensitive":false,"after_sensitive":{"architectures":[],"dead_letter_config":[],"environment":[{"variables":{}}],"ephemeral_storage":[],"file_system_config":[],"image_config":[],"logging_config":[],"snap_start":[],"tags":{},"tags_all":{},"tracing_config":[],"vpc_config":[]}}},{"address":"aws_lambda_permission.apigw","mode":"managed","type":"aws_lambda_permission","name":"apigw","provider_name":"registry.terraform.io/hashicorp/aws","change":{"actions":["create"],"before":null,"after":{"action":"lambda:InvokeFunction","event_source_token":null,"function_name":"lambda-api-list-bucket-content","function_url_auth_type":null,"principal":"apigateway.amazonaws.com","principal_org_id":null,"qualifier":null,"source_account":null,"statement_id":"AllowExecutionFromAPIGatewayV2"},"after_unknown":{"id":true,"source_arn":true,"statement_id_prefix":true},"before_sensitive":false,"after_sensitive":{}}},{"address":"aws_s3_bucket.app","mode":"managed","type":"aws_s3_bucket","name":"app","provider_name":"registry.terraform.io/hashicorp/aws","change":{"actions":["create"],"before":null,"after":{"bucket":"lambda-api-000000000000-ap-south-1","force_destroy":false,"tags":{"Application":"lambda-api","ManagedBy":"terraform"},"tags_all":{"Application":"lambda-api","ManagedBy":"terraform"},"timeouts":null},"after_unknown":{"acceleration_status":true,"acl":true,"arn":true,"bucket_domain_name":true,"bucket_prefix":true,"bucket_regional_domain_name":true,"cors_rule":true,"grant":true,"hosted_zone_id":true,"id":true,"lifecycle_rule":true,"logging":true,"object_lock_configuration":true,"object_lock_enabled":true,"policy":true,"region":true,"replication_configuration":true,"request_payer":true,"server_side_encryption_configuration":true,"tags":{},"tags_all":{},"versioning":true,"website":true,"website_domain":true,"website_endpoint":true},"before_sensitive":false,"after_sensitive":{"cors_rule":[],"grant":[],"lifecycle_rule":[],"logging":[],"object_lock_configuration":[],"replication_configuration":[],"server_side_encryption_configuration":[],"tags":{},"tags_all":{},"versioning":[],"website":[]}}},{"address":"aws_s3_bucket_public_access_block.app","mode":"managed","type":"aws_s3_bucket_public_access_block","name":"app","provider_name":"registry.terraform.io/hashicorp/aws","change":{"actions":["create"],"before":null,"after":{"block_public_acls":true,"block_public_policy":true,"ignore_public_acls":true,"restrict_public_buckets":true},"after_unknown":{"bucket":true,"id":true},"before_sensitive":false,"after_sensitive":{}}}],"output_changes":{"api_base_url":{"actions":["create"],"before":null,"after_unknown":true,"before_sensitive":false,"after_sensitive":false},"api_route":{"actions":["create"],"before":null,"after_unknown":true,"before_sensitive":false,"after_sensitive":false},"bucket_name":{"actions":["create"],"before":null,"after":"lambda-api-000000000000-ap-south-1","after_unknown":false,"before_sensitive":false,"after_sensitive":false}},"prior_state":{"format_version":"1.0","terraform_version":"1.13.5","values":{"outputs":{"bucket_name":{"sensitive":false,"value":"lambda-api-000000000000-ap-south-1","type":"string"}},"root_module":{"resources":[{"address":"data.archive_file.lambda_dummy","mode":"data","type":"archive_file","name":"lambda_dummy","provider_name":"registry.terraform.io/hashicorp/archive","schema_version":0,"values":{"exclude_symlink_directories":null,"excludes":null,"id":"58e93fade67637870be5af38eff8d5aa66c7da49","output_base64sha256":"wmbalFzzY/wG3ivChKElOZB3+B4gptmQyIat05p+fU4=","output_base64sha512":"BQYAg1LwEY4tDmry1VoRx6StX0vjH+7LpfB5KAZLVvfJQjioPbBv1QxI6QF6P2U614fU3h9XKBCb9z5Y1ornqA==","output_file_mode":null,"output_md5":"a0dbd832a6a977d6d5b28ea5c85e30fb","output_path":"./.dummy/lambda.zip","output_sha":"58e93fade67637870be5af38eff8d5aa66c7da49","output_sha256":"c266da945cf363fc06de2bc284a125399077f81e20a6d990c886add39a7e7d4e","output_sha512":"0506008352f0118e2d0e6af2d55a11c7a4ad5f4be31feecba5f07928064b56f7c94238a83db06fd50c48e9017a3f653ad787d4de1f5728109bf73e58d68ae7a8","output_size":246,"source":[{"content":"exports.handler = async (event) =\u003e {\n  console.log(\"Dummy lambda invoked\");\n  return { statusCode: 200, body: \"dummy\" };\n};\n","filename":"index.js"}],"source_content":null,"source_content_filename":null,"source_dir":null,"source_file":null,"type":"zip"},"sensitive_values":{"source":[{}]}},{"address":"data.aws_caller_identity.current","mode":"data","type":"aws_caller_identity","name":"current","provider_name":"registry.terraform.io/hashicorp/aws","schema_version":0,"values":{"account_id":"000000000000","arn":"arn:aws:iam::000000000000:root","id":"000000000000","user_id":"AKIAIOSFODNN7EXAMPLE"},"sensitive_values":{}},{"address":"data.aws_region.current","mode":"data","type":"aws_region","name":"current","provider_name":"registry.terraform.io/hashicorp/aws","schema_version":0,"values":{"description":"Asia Pacific (Mumbai)","endpoint":"ec2.ap-south-1.amazonaws.com","id":"ap-south-1","name":"ap-south-1"},"sensitive_values":{}}]}}},"configuration":{"provider_config":{"archive":{"name":"archive","full_name":"registry.terraform.io/hashicorp/archive"},"aws":{"name":"aws","full_name":"registry.terraform.io/hashicorp/aws","version_constraint":"~\u003e 5.0","expressions":{"region":{"references":["var.aws_region"]}}}},"root_module":{"outputs":{"api_base_url":{"expression":{"references":["aws_apigatewayv2_stage.stage.invoke_url","aws_apigatewayv2_stage.stage"]},"description":"Base URL for the deployed HTTP API stage"},"api_route":{"expression":{"references":["aws_apigatewayv2_stage.stage.invoke_url","aws_apigatewayv2_stage.stage"]},"description":"Convenience URL for listing bucket content"},"bucket_name":{"expression":{"references":["aws_s3_bucket.app.bucket","aws_s3_bucket.app"]},"description":"S3 bucket used by the Lambda function"}},"resources":[{"address":"aws_apigatewayv2_api.http","mode":"managed","type":"aws_apigatewayv2_api","name":"http","provider_config_key":"aws","expressions":{"name":{"references":["local.name_prefix"]},"protocol_type":{"constant_value":"HTTP"},"tags":{"references":["local.common_tags"]}},"schema_version":0},{"address":"aws_apigatewayv2_integration.lambda","mode":"managed","type":"aws_apigatewayv2_integration","name":"lambda","provider_config_key":"aws","expressions":{"api_id":{"references":["aws_apigatewayv2_api.http.id","aws_apigatewayv2_api.http"]},"integration_method":{"constant_value":"POST"},"integration_type":{"constant_value":"AWS_PROXY"},"integration_uri":{"references":["aws_lambda_function.app.arn","aws_lambda_function.app"]},"payload_format_version":{"constant_value":"2.0"}},"schema_version":0},{"address":"aws_apigatewayv2_route.folder","mode":"managed","type":"aws_apigatewayv2_route","name":"folder","provider_config_key":"aws","expressions":{"api_id":{"references":["aws_apigatewayv2_api.http.id","aws_apigatewayv2_api.http"]},"route_key":{"constant_value":"GET /list-bucket-content/{folder+}"},"target":{"references":["aws_apigatewayv2_integration.lambda.id","aws_apigatewayv2_integration.lambda"]}},"schema_version":0},{"address":"aws_apigatewayv2_route.root","mode":"managed","type":"aws_apigatewayv2_route","name":"root","provider_config_key":"aws","expressions":{"api_id":{"references":["aws_apigatewayv2_api.http.id","aws_apigatewayv2_api.http"]},"route_key":{"constant_value":"GET /list-bucket-content"},"target":{"references":["aws_apigatewayv2_integration.lambda.id","aws_apigatewayv2_integration.lambda"]}},"schema_version":0},{"address":"aws_apigatewayv2_stage.stage","mode":"managed","type":"aws_apigatewayv2_stage","name":"stage","provider_config_key":"aws","expressions":{"api_id":{"references":["aws_apigatewayv2_api.http.id","aws_apigatewayv2_api.http"]},"auto_deploy":{"constant_value":true},"name":{"references":["var.stage_name"]},"tags":{"references":["local.common_tags"]}},"schema_version":0},{"address":"aws_cloudwatch_log_group.lambda","mode":"managed","type":"aws_cloudwatch_log_group","name":"lambda","provider_config_key":"aws","expressions":{"name":{"references":["aws_lambda_function.app.function_name","aws_lambda_function.app"]},"retention_in_days":{"constant_value":7},"tags":{"references":["local.common_tags"]}},"schema_version":0},{"address":"aws_iam_role.lambda","mode":"managed","type":"aws_iam_role","name":"lambda","provider_config_key":"aws","expressions":{"assume_role_policy":{},"name":{"references":["local.name_prefix"]},"tags":{"references":["local.common_tags"]}},"schema_version":0},{"address":"aws_iam_role_policy.lambda","mode":"managed","type":"aws_iam_role_policy","name":"lambda","provider_config_key":"aws","expressions":{"name":{"references":["local.name_prefix"]},"policy":{"references":["aws_s3_bucket.app.arn","aws_s3_bucket.app","aws_s3_bucket.app.arn","aws_s3_bucket.app"]},"role":{"references":["aws_iam_role.lambda.id","aws_iam_role.lambda"]}},"schema_version":0},{"address":"aws_lambda_function.app","mode":"managed","type":"aws_lambda_function","name":"app","provider_config_key":"aws","expressions":{"environment":[{"variables":{"references":["aws_s3_bucket.app.bucket","aws_s3_bucket.app"]}}],"filename":{"references":["var.lambda_zip_path"]},"function_name":{"references":["local.name_prefix"]},"handler":{"constant_value":"lambda_function.lambda_handler"},"role":{"references":["aws_iam_role.lambda.arn","aws_iam_role.lambda"]},"runtime":{"constant_value":"python3.12"},"source_code_hash":{"references":["var.lambda_zip_path"]},"tags":{"references":["local.common_tags"]}},"schema_version":0,"depends_on":["aws_iam_role_policy.lambda"]},{"address":"aws_lambda_permission.apigw","mode":"managed","type":"aws_lambda_permission","name":"apigw","provider_config_key":"aws","expressions":{"action":{"constant_value":"lambda:InvokeFunction"},"function_name":{"references":["aws_lambda_function.app.function_name","aws_lambda_function.app"]},"principal":{"constant_value":"apigateway.amazonaws.com"},"source_arn":{"references":["aws_apigatewayv2_api.http.execution_arn","aws_apigatewayv2_api.http"]},"statement_id":{"constant_value":"AllowExecutionFromAPIGatewayV2"}},"schema_version":0},{"address":"aws_s3_bucket.app","mode":"managed","type":"aws_s3_bucket","name":"app","provider_config_key":"aws","expressions":{"bucket":{"references":["local.effective_bucket_name"]},"tags":{"references":["local.common_tags"]}},"schema_version":0},{"address":"aws_s3_bucket_public_access_block.app","mode":"managed","type":"aws_s3_bucket_public_access_block","name":"app","provider_config_key":"aws","expressions":{"block_public_acls":{"constant_value":true},"block_public_policy":{"constant_value":true},"bucket":{"references":["aws_s3_bucket.app.id","aws_s3_bucket.app"]},"ignore_public_acls":{"constant_value":true},"restrict_public_buckets":{"constant_value":true}},"schema_version":0},{"address":"data.archive_file.lambda_dummy","mode":"data","type":"archive_file","name":"lambda_dummy","provider_config_key":"archive","expressions":{"output_path":{"references":["local.lambda_dummy_zip"]},"source":[{"content":{"constant_value":"exports.handler = async (event) =\u003e {\n  console.log(\"Dummy lambda invoked\");\n  return { statusCode: 200, body: \"dummy\" };\n};\n"},"filename":{"constant_value":"index.js"}}],"type":{"constant_value":"zip"}},"schema_version":0},{"address":"data.aws_caller_identity.current","mode":"data","type":"aws_caller_identity","name":"current","provider_config_key":"aws","schema_version":0},{"address":"data.aws_region.current","mode":"data","type":"aws_region","name":"current","provider_config_key":"aws","schema_version":0}],"variables":{"app_name":{"default":"lambda-api","description":"Application name used for resource naming"},"aws_region":{"default":"ap-south-1","description":"AWS region to deploy into"},"bucket_name":{"default":null,"description":"S3 bucket name used by the Lambda function"},"lambda_zip_path":{"default":"../lambda_function.zip","description":"Path to the Lambda deployment package (zip)"},"stage_name":{"default":"v1","description":"API Gateway stage name"}}}},"relevant_attributes":[{"resource":"aws_apigatewayv2_api.http","attribute":["id"]},{"resource":"aws_iam_role.lambda","attribute":["id"]},{"resource":"aws_s3_bucket.app","attribute":["arn"]},{"resource":"aws_apigatewayv2_integration.lambda","attribute":["id"]},{"resource":"aws_iam_role.lambda","attribute":["arn"]},{"resource":"aws_s3_bucket.app","attribute":["id"]},{"resource":"aws_apigatewayv2_api.http","attribute":["execution_arn"]},{"resource":"aws_s3_bucket.app","attribute":["bucket"]},{"resource":"data.aws_caller_identity.current","attribute":["account_id"]},{"resource":"aws_apigatewayv2_stage.stage","attribute":["invoke_url"]},{"resource":"aws_lambda_function.app","attribute":["arn"]},{"resource":"aws_lambda_function.app","attribute":["function_name"]},{"resource":"data.aws_region.current","attribute":["name"]}],"timestamp":"2026-01-25T20:25:32Z","applyable":true,"complete":true,"errored":false}
