data.aws_iam_policy_document.ecs_task_assume: Reading...
data.aws_availability_zones.available: Reading...
data.aws_caller_identity.current: Reading...
data.aws_iam_policy_document.ecs_task_assume: Read complete after 0s [id=1077804475]
data.aws_availability_zones.available: Read complete after 0s [id=us-east-1]
data.aws_caller_identity.current: Read complete after 0s [id=000000000000]

Terraform used the selected providers to generate the following execution
plan. Resource actions are indicated with the following symbols:
  + create
 <= read (data resources)

Terraform will perform the following actions:

  # data.aws_iam_policy_document.task_inline will be read during apply
  # (config refers to values not yet known)
 <= data "aws_iam_policy_document" "task_inline" {
      + id            = (known after apply)
      + json          = (known after apply)
      + minified_json = (known after apply)

      + statement {
          + actions   = [
              + "secretsmanager:GetSecretValue",
            ]
          + effect    = "Allow"
          + resources = [
              + (known after apply),
            ]
          + sid       = "ReadGoogleOAuthSecret"
        }
    }

  # aws_cloudwatch_log_group.app will be created
  + resource "aws_cloudwatch_log_group" "app" {
      + arn               = (known after apply)
      + id                = (known after apply)
      + log_group_class   = (known after apply)
      + name              = "/ecs/pynecone-mail-sorter-dev"
      + name_prefix       = (known after apply)
      + retention_in_days = 14
      + skip_destroy      = false
      + tags              = {
          + "Name" = "pynecone-mail-sorter-dev-logs"
        }
      + tags_all          = {
          + "Environment" = "dev"
          + "ManagedBy"   = "terraform"
          + "Name"        = "pynecone-mail-sorter-dev-logs"
          + "Project"     = "pynecone-mail-sorter"
        }
    }

  # aws_ecr_lifecycle_policy.app will be created
  + resource "aws_ecr_lifecycle_policy" "app" {
      + id          = (known after apply)
      + policy      = jsonencode(
            {
              + rules = [
                  + {
                      + action       = {
                          + type = "expire"
                        }
                      + description  = "Keep last 20 images"
                      + rulePriority = 1
                      + selection    = {
                          + countNumber = 20
                          + countType   = "imageCountMoreThan"
                          + tagStatus   = "any"
                        }
                    },
                ]
            }
        )
      + registry_id = (known after apply)
      + repository  = "pynecone-mail-sorter-dev-app"
    }

  # aws_ecr_repository.app will be created
  + resource "aws_ecr_repository" "app" {
      + arn                  = (known after apply)
      + id                   = (known after apply)
      + image_tag_mutability = "MUTABLE"
      + name                 = "pynecone-mail-sorter-dev-app"
      + registry_id          = (known after apply)
      + repository_url       = (known after apply)
      + tags                 = {
          + "Name" = "pynecone-mail-sorter-dev-ecr"
        }
      + tags_all             = {
          + "Environment" = "dev"
          + "ManagedBy"   = "terraform"
          + "Name"        = "pynecone-mail-sorter-dev-ecr"
          + "Project"     = "pynecone-mail-sorter"
        }

      + encryption_configuration {
          + encryption_type = "AES256"
          + kms_key         = (known after apply)
        }

      + image_scanning_configuration {
          + scan_on_push = true
        }
    }

  # aws_ecs_cluster.this will be created
  + resource "aws_ecs_cluster" "this" {
      + arn      = (known after apply)
      + id       = (known after apply)
      + name     = "pynecone-mail-sorter-dev-cluster"
      + tags     = {
          + "Name" = "pynecone-mail-sorter-dev-cluster"
        }
      + tags_all = {
          + "Environment" = "dev"
          + "ManagedBy"   = "terraform"
          + "Name"        = "pynecone-mail-sorter-dev-cluster"
          + "Project"     = "pynecone-mail-sorter"
        }

      + setting {
          + name  = "containerInsights"
          + value = "enabled"
        }
    }

  # aws_ecs_service.app will be created
  + resource "aws_ecs_service" "app" {
      + availability_zone_rebalancing      = "DISABLED"
      + cluster                            = (known after apply)
      + deployment_maximum_percent         = 200
      + deployment_minimum_healthy_percent = 50
      + desired_count                      = 1
      + enable_ecs_managed_tags            = false
      + enable_execute_command             = false
      + iam_role                           = (known after apply)
      + id                                 = (known after apply)
      + launch_type                        = "FARGATE"
      + name                               = "pynecone-mail-sorter-dev-svc"
      + platform_version                   = (known after apply)
      + scheduling_strategy                = "REPLICA"
      + tags                               = {
          + "Name" = "pynecone-mail-sorter-dev-svc"
        }
      + tags_all                           = {
          + "Environment" = "dev"
          + "ManagedBy"   = "terraform"
          + "Name"        = "pynecone-mail-sorter-dev-svc"
          + "Project"     = "pynecone-mail-sorter"
        }
      + task_definition                    = (known after apply)
      + triggers                           = (known after apply)
      + wait_for_steady_state              = false

      + load_balancer {
          + container_name   = "app"
          + container_port   = 3000
          + target_group_arn = (known after apply)
            # (1 unchanged attribute hidden)
        }

      + network_configuration {
          + assign_public_ip = false
          + security_groups  = (known after apply)
          + subnets          = (known after apply)
        }
    }

  # aws_ecs_task_definition.app will be created
  + resource "aws_ecs_task_definition" "app" {
      + arn                      = (known after apply)
      + arn_without_revision     = (known after apply)
      + container_definitions    = (known after apply)
      + cpu                      = "512"
      + enable_fault_injection   = (known after apply)
      + execution_role_arn       = (known after apply)
      + family                   = "pynecone-mail-sorter-dev-task"
      + id                       = (known after apply)
      + memory                   = "1024"
      + network_mode             = "awsvpc"
      + requires_compatibilities = [
          + "FARGATE",
        ]
      + revision                 = (known after apply)
      + skip_destroy             = false
      + tags                     = {
          + "Name" = "pynecone-mail-sorter-dev-task"
        }
      + tags_all                 = {
          + "Environment" = "dev"
          + "ManagedBy"   = "terraform"
          + "Name"        = "pynecone-mail-sorter-dev-task"
          + "Project"     = "pynecone-mail-sorter"
        }
      + task_role_arn            = (known after apply)
      + track_latest             = false

      + volume {
          + configure_at_launch = (known after apply)
          + name                = "efs-data"
            # (1 unchanged attribute hidden)

          + efs_volume_configuration {
              + file_system_id          = (known after apply)
              + root_directory          = "/"
              + transit_encryption      = "ENABLED"
              + transit_encryption_port = 0

              + authorization_config {
                  + access_point_id = (known after apply)
                  + iam             = "ENABLED"
                }
            }
        }
    }

  # aws_efs_access_point.this will be created
  + resource "aws_efs_access_point" "this" {
      + arn             = (known after apply)
      + file_system_arn = (known after apply)
      + file_system_id  = (known after apply)
      + id              = (known after apply)
      + owner_id        = (known after apply)
      + tags            = {
          + "Name" = "pynecone-mail-sorter-dev-efs-ap"
        }
      + tags_all        = {
          + "Environment" = "dev"
          + "ManagedBy"   = "terraform"
          + "Name"        = "pynecone-mail-sorter-dev-efs-ap"
          + "Project"     = "pynecone-mail-sorter"
        }

      + posix_user {
          + gid = 1000
          + uid = 1000
        }

      + root_directory {
          + path = "/pynecone"

          + creation_info {
              + owner_gid   = 1000
              + owner_uid   = 1000
              + permissions = "0750"
            }
        }
    }

  # aws_efs_file_system.this will be created
  + resource "aws_efs_file_system" "this" {
      + arn                     = (known after apply)
      + availability_zone_id    = (known after apply)
      + availability_zone_name  = (known after apply)
      + creation_token          = (known after apply)
      + dns_name                = (known after apply)
      + encrypted               = true
      + id                      = (known after apply)
      + kms_key_id              = (known after apply)
      + name                    = (known after apply)
      + number_of_mount_targets = (known after apply)
      + owner_id                = (known after apply)
      + performance_mode        = (known after apply)
      + size_in_bytes           = (known after apply)
      + tags                    = {
          + "Name" = "pynecone-mail-sorter-dev-efs"
        }
      + tags_all                = {
          + "Environment" = "dev"
          + "ManagedBy"   = "terraform"
          + "Name"        = "pynecone-mail-sorter-dev-efs"
          + "Project"     = "pynecone-mail-sorter"
        }
      + throughput_mode         = "bursting"

      + protection (known after apply)
    }

  # aws_efs_mount_target.this["us-east-1a"] will be created
  + resource "aws_efs_mount_target" "this" {
      + availability_zone_id   = (known after apply)
      + availability_zone_name = (known after apply)
      + dns_name               = (known after apply)
      + file_system_arn        = (known after apply)
      + file_system_id         = (known after apply)
      + id                     = (known after apply)
      + ip_address             = (known after apply)
      + mount_target_dns_name  = (known after apply)
      + network_interface_id   = (known after apply)
      + owner_id               = (known after apply)
      + security_groups        = (known after apply)
      + subnet_id              = (known after apply)
    }

  # aws_efs_mount_target.this["us-east-1b"] will be created
  + resource "aws_efs_mount_target" "this" {
      + availability_zone_id   = (known after apply)
      + availability_zone_name = (known after apply)
      + dns_name               = (known after apply)
      + file_system_arn        = (known after apply)
      + file_system_id         = (known after apply)
      + id                     = (known after apply)
      + ip_address             = (known after apply)
      + mount_target_dns_name  = (known after apply)
      + network_interface_id   = (known after apply)
      + owner_id               = (known after apply)
      + security_groups        = (known after apply)
      + subnet_id              = (known after apply)
    }

  # aws_eip.nat will be created
  + resource "aws_eip" "nat" {
      + allocation_id        = (known after apply)
      + arn                  = (known after apply)
      + association_id       = (known after apply)
      + carrier_ip           = (known after apply)
      + customer_owned_ip    = (known after apply)
      + domain               = "vpc"
      + id                   = (known after apply)
      + instance             = (known after apply)
      + ipam_pool_id         = (known after apply)
      + network_border_group = (known after apply)
      + network_interface    = (known after apply)
      + private_dns          = (known after apply)
      + private_ip           = (known after apply)
      + ptr_record           = (known after apply)
      + public_dns           = (known after apply)
      + public_ip            = (known after apply)
      + public_ipv4_pool     = (known after apply)
      + tags                 = {
          + "Name" = "pynecone-mail-sorter-dev-nat-eip"
        }
      + tags_all             = {
          + "Environment" = "dev"
          + "ManagedBy"   = "terraform"
          + "Name"        = "pynecone-mail-sorter-dev-nat-eip"
          + "Project"     = "pynecone-mail-sorter"
        }
      + vpc                  = (known after apply)
    }

  # aws_iam_role.task will be created
  + resource "aws_iam_role" "task" {
      + arn                   = (known after apply)
      + assume_role_policy    = jsonencode(
            {
              + Statement = [
                  + {
                      + Action    = "sts:AssumeRole"
                      + Effect    = "Allow"
                      + Principal = {
                          + Service = "ecs-tasks.amazonaws.com"
                        }
                    },
                ]
              + Version   = "2012-10-17"
            }
        )
      + create_date           = (known after apply)
      + force_detach_policies = false
      + id                    = (known after apply)
      + managed_policy_arns   = (known after apply)
      + max_session_duration  = 3600
      + name                  = "pynecone-mail-sorter-dev-ecs-task"
      + name_prefix           = (known after apply)
      + path                  = "/"
      + tags_all              = {
          + "Environment" = "dev"
          + "ManagedBy"   = "terraform"
          + "Project"     = "pynecone-mail-sorter"
        }
      + unique_id             = (known after apply)

      + inline_policy (known after apply)
    }

  # aws_iam_role.task_execution will be created
  + resource "aws_iam_role" "task_execution" {
      + arn                   = (known after apply)
      + assume_role_policy    = jsonencode(
            {
              + Statement = [
                  + {
                      + Action    = "sts:AssumeRole"
                      + Effect    = "Allow"
                      + Principal = {
                          + Service = "ecs-tasks.amazonaws.com"
                        }
                    },
                ]
              + Version   = "2012-10-17"
            }
        )
      + create_date           = (known after apply)
      + force_detach_policies = false
      + id                    = (known after apply)
      + managed_policy_arns   = (known after apply)
      + max_session_duration  = 3600
      + name                  = "pynecone-mail-sorter-dev-ecs-task-exec"
      + name_prefix           = (known after apply)
      + path                  = "/"
      + tags_all              = {
          + "Environment" = "dev"
          + "ManagedBy"   = "terraform"
          + "Project"     = "pynecone-mail-sorter"
        }
      + unique_id             = (known after apply)

      + inline_policy (known after apply)
    }

  # aws_iam_role_policy.task_inline will be created
  + resource "aws_iam_role_policy" "task_inline" {
      + id          = (known after apply)
      + name        = "pynecone-mail-sorter-dev-task-inline"
      + name_prefix = (known after apply)
      + policy      = (known after apply)
      + role        = (known after apply)
    }

  # aws_iam_role_policy_attachment.task_execution will be created
  + resource "aws_iam_role_policy_attachment" "task_execution" {
      + id         = (known after apply)
      + policy_arn = "arn:aws:iam::aws:policy/service-role/AmazonECSTaskExecutionRolePolicy"
      + role       = "pynecone-mail-sorter-dev-ecs-task-exec"
    }

  # aws_internet_gateway.this will be created
  + resource "aws_internet_gateway" "this" {
      + arn      = (known after apply)
      + id       = (known after apply)
      + owner_id = (known after apply)
      + tags     = {
          + "Name" = "pynecone-mail-sorter-dev-igw"
        }
      + tags_all = {
          + "Environment" = "dev"
          + "ManagedBy"   = "terraform"
          + "Name"        = "pynecone-mail-sorter-dev-igw"
          + "Project"     = "pynecone-mail-sorter"
        }
      + vpc_id   = (known after apply)
    }

  # aws_lb.this will be created
  + resource "aws_lb" "this" {
      + arn                                                          = (known after apply)
      + arn_suffix                                                   = (known after apply)
      + client_keep_alive                                            = 3600
      + desync_mitigation_mode                                       = "defensive"
      + dns_name                                                     = (known after apply)
      + drop_invalid_header_fields                                   = true
      + enable_deletion_protection                                   = false
      + enable_http2                                                 = true
      + enable_tls_version_and_cipher_suite_headers                  = false
      + enable_waf_fail_open                                         = false
      + enable_xff_client_port                                       = false
      + enable_zonal_shift                                           = false
      + enforce_security_group_inbound_rules_on_private_link_traffic = (known after apply)
      + id                                                           = (known after apply)
      + idle_timeout                                                 = 60
      + internal                                                     = false
      + ip_address_type                                              = (known after apply)
      + load_balancer_type                                           = "application"
      + name                                                         = "pynecone-mail-sorter-dev-alb"
      + name_prefix                                                  = (known after apply)
      + preserve_host_header                                         = false
      + security_groups                                              = (known after apply)
      + subnets                                                      = (known after apply)
      + tags                                                         = {
          + "Name" = "pynecone-mail-sorter-dev-alb"
        }
      + tags_all                                                     = {
          + "Environment" = "dev"
          + "ManagedBy"   = "terraform"
          + "Name"        = "pynecone-mail-sorter-dev-alb"
          + "Project"     = "pynecone-mail-sorter"
        }
      + vpc_id                                                       = (known after apply)
      + xff_header_processing_mode                                   = "append"
      + zone_id                                                      = (known after apply)

      + subnet_mapping (known after apply)
    }

  # aws_lb_listener.http will be created
  + resource "aws_lb_listener" "http" {
      + arn                                                                   = (known after apply)
      + id                                                                    = (known after apply)
      + load_balancer_arn                                                     = (known after apply)
      + port                                                                  = 80
      + protocol                                                              = "HTTP"
      + routing_http_request_x_amzn_mtls_clientcert_header_name               = (known after apply)
      + routing_http_request_x_amzn_mtls_clientcert_issuer_header_name        = (known after apply)
      + routing_http_request_x_amzn_mtls_clientcert_leaf_header_name          = (known after apply)
      + routing_http_request_x_amzn_mtls_clientcert_serial_number_header_name = (known after apply)
      + routing_http_request_x_amzn_mtls_clientcert_subject_header_name       = (known after apply)
      + routing_http_request_x_amzn_mtls_clientcert_validity_header_name      = (known after apply)
      + routing_http_request_x_amzn_tls_cipher_suite_header_name              = (known after apply)
      + routing_http_request_x_amzn_tls_version_header_name                   = (known after apply)
      + routing_http_response_access_control_allow_credentials_header_value   = (known after apply)
      + routing_http_response_access_control_allow_headers_header_value       = (known after apply)
      + routing_http_response_access_control_allow_methods_header_value       = (known after apply)
      + routing_http_response_access_control_allow_origin_header_value        = (known after apply)
      + routing_http_response_access_control_expose_headers_header_value      = (known after apply)
      + routing_http_response_access_control_max_age_header_value             = (known after apply)
      + routing_http_response_content_security_policy_header_value            = (known after apply)
      + routing_http_response_server_enabled                                  = (known after apply)
      + routing_http_response_strict_transport_security_header_value          = (known after apply)
      + routing_http_response_x_content_type_options_header_value             = (known after apply)
      + routing_http_response_x_frame_options_header_value                    = (known after apply)
      + ssl_policy                                                            = (known after apply)
      + tags_all                                                              = {
          + "Environment" = "dev"
          + "ManagedBy"   = "terraform"
          + "Project"     = "pynecone-mail-sorter"
        }
      + tcp_idle_timeout_seconds                                              = (known after apply)

      + default_action {
          + order = (known after apply)
          + type  = "forward"

          + forward {
              + target_group {
                  + arn    = (known after apply)
                  + weight = 1
                }
            }
        }

      + mutual_authentication (known after apply)
    }

  # aws_lb_target_group.app will be created
  + resource "aws_lb_target_group" "app" {
      + arn                                = (known after apply)
      + arn_suffix                         = (known after apply)
      + connection_termination             = (known after apply)
      + deregistration_delay               = "300"
      + id                                 = (known after apply)
      + ip_address_type                    = (known after apply)
      + lambda_multi_value_headers_enabled = false
      + load_balancer_arns                 = (known after apply)
      + load_balancing_algorithm_type      = (known after apply)
      + load_balancing_anomaly_mitigation  = (known after apply)
      + load_balancing_cross_zone_enabled  = (known after apply)
      + name                               = "pynecone-mail-sorter-dev-tg"
      + name_prefix                        = (known after apply)
      + port                               = 3000
      + preserve_client_ip                 = (known after apply)
      + protocol                           = "HTTP"
      + protocol_version                   = (known after apply)
      + proxy_protocol_v2                  = false
      + slow_start                         = 0
      + tags                               = {
          + "Name" = "pynecone-mail-sorter-dev-tg"
        }
      + tags_all                           = {
          + "Environment" = "dev"
          + "ManagedBy"   = "terraform"
          + "Name"        = "pynecone-mail-sorter-dev-tg"
          + "Project"     = "pynecone-mail-sorter"
        }
      + target_type                        = "ip"
      + vpc_id                             = (known after apply)

      + health_check {
          + enabled             = true
          + healthy_threshold   = 2
          + interval            = 30
          + matcher             = "200-399"
          + path                = "/"
          + port                = "traffic-port"
          + protocol            = "HTTP"
          + timeout             = 5
          + unhealthy_threshold = 3
        }

      + stickiness (known after apply)

      + target_failover (known after apply)

      + target_group_health (known after apply)

      + target_health_state (known after apply)
    }

  # aws_nat_gateway.this will be created
  + resource "aws_nat_gateway" "this" {
      + allocation_id                      = (known after apply)
      + association_id                     = (known after apply)
      + connectivity_type                  = "public"
      + id                                 = (known after apply)
      + network_interface_id               = (known after apply)
      + private_ip                         = (known after apply)
      + public_ip                          = (known after apply)
      + secondary_private_ip_address_count = (known after apply)
      + secondary_private_ip_addresses     = (known after apply)
      + subnet_id                          = (known after apply)
      + tags                               = {
          + "Name" = "pynecone-mail-sorter-dev-nat"
        }
      + tags_all                           = {
          + "Environment" = "dev"
          + "ManagedBy"   = "terraform"
          + "Name"        = "pynecone-mail-sorter-dev-nat"
          + "Project"     = "pynecone-mail-sorter"
        }
    }

  # aws_route_table.private will be created
  + resource "aws_route_table" "private" {
      + arn              = (known after apply)
      + id               = (known after apply)
      + owner_id         = (known after apply)
      + propagating_vgws = (known after apply)
      + route            = [
          + {
              + cidr_block                 = "0.0.0.0/0"
              + nat_gateway_id             = (known after apply)
                # (11 unchanged attributes hidden)
            },
        ]
      + tags             = {
          + "Name" = "pynecone-mail-sorter-dev-private-rt"
        }
      + tags_all         = {
          + "Environment" = "dev"
          + "ManagedBy"   = "terraform"
          + "Name"        = "pynecone-mail-sorter-dev-private-rt"
          + "Project"     = "pynecone-mail-sorter"
        }
      + vpc_id           = (known after apply)
    }

  # aws_route_table.public will be created
  + resource "aws_route_table" "public" {
      + arn              = (known after apply)
      + id               = (known after apply)
      + owner_id         = (known after apply)
      + propagating_vgws = (known after apply)
      + route            = [
          + {
              + cidr_block                 = "0.0.0.0/0"
              + gateway_id                 = (known after apply)
                # (11 unchanged attributes hidden)
            },
        ]
      + tags             = {
          + "Name" = "pynecone-mail-sorter-dev-public-rt"
        }
      + tags_all         = {
          + "Environment" = "dev"
          + "ManagedBy"   = "terraform"
          + "Name"        = "pynecone-mail-sorter-dev-public-rt"
          + "Project"     = "pynecone-mail-sorter"
        }
      + vpc_id           = (known after apply)
    }

  # aws_route_table_association.private["us-east-1a"] will be created
  + resource "aws_route_table_association" "private" {
      + id             = (known after apply)
      + route_table_id = (known after apply)
      + subnet_id      = (known after apply)
    }

  # aws_route_table_association.private["us-east-1b"] will be created
  + resource "aws_route_table_association" "private" {
      + id             = (known after apply)
      + route_table_id = (known after apply)
      + subnet_id      = (known after apply)
    }

  # aws_route_table_association.public["us-east-1a"] will be created
  + resource "aws_route_table_association" "public" {
      + id             = (known after apply)
      + route_table_id = (known after apply)
      + subnet_id      = (known after apply)
    }

  # aws_route_table_association.public["us-east-1b"] will be created
  + resource "aws_route_table_association" "public" {
      + id             = (known after apply)
      + route_table_id = (known after apply)
      + subnet_id      = (known after apply)
    }

  # aws_secretsmanager_secret.google_oauth will be created
  + resource "aws_secretsmanager_secret" "google_oauth" {
      + arn                            = (known after apply)
      + force_overwrite_replica_secret = false
      + id                             = (known after apply)
      + name                           = "pynecone-mail-sorter-dev/google/client_secret_json"
      + name_prefix                    = (known after apply)
      + policy                         = (known after apply)
      + recovery_window_in_days        = 7
      + tags                           = {
          + "Name" = "pynecone-mail-sorter-dev-google-oauth"
        }
      + tags_all                       = {
          + "Environment" = "dev"
          + "ManagedBy"   = "terraform"
          + "Name"        = "pynecone-mail-sorter-dev-google-oauth"
          + "Project"     = "pynecone-mail-sorter"
        }

      + replica (known after apply)
    }

  # aws_secretsmanager_secret_version.google_oauth will be created
  + resource "aws_secretsmanager_secret_version" "google_oauth" {
      + arn                  = (known after apply)
      + has_secret_string_wo = (known after apply)
      + id                   = (known after apply)
      + secret_id            = (known after apply)
      + secret_string        = (sensitive value)
      + secret_string_wo     = (write-only attribute)
      + version_id           = (known after apply)
      + version_stages       = (known after apply)
    }

  # aws_security_group.alb will be created
  + resource "aws_security_group" "alb" {
      + arn                    = (known after apply)
      + description            = "ALB security group"
      + egress                 = [
          + {
              + cidr_blocks      = [
                  + "0.0.0.0/0",
                ]
              + description      = "All egress"
              + from_port        = 0
              + ipv6_cidr_blocks = []
              + prefix_list_ids  = []
              + protocol         = "-1"
              + security_groups  = []
              + self             = false
              + to_port          = 0
            },
        ]
      + id                     = (known after apply)
      + ingress                = [
          + {
              + cidr_blocks      = [
                  + "0.0.0.0/0",
                ]
              + description      = "HTTP"
              + from_port        = 80
              + ipv6_cidr_blocks = []
              + prefix_list_ids  = []
              + protocol         = "tcp"
              + security_groups  = []
              + self             = false
              + to_port          = 80
            },
          + {
              + cidr_blocks      = [
                  + "0.0.0.0/0",
                ]
              + description      = "HTTPS"
              + from_port        = 443
              + ipv6_cidr_blocks = []
              + prefix_list_ids  = []
              + protocol         = "tcp"
              + security_groups  = []
              + self             = false
              + to_port          = 443
            },
        ]
      + name                   = "pynecone-mail-sorter-dev-alb-sg"
      + name_prefix            = (known after apply)
      + owner_id               = (known after apply)
      + revoke_rules_on_delete = false
      + tags                   = {
          + "Name" = "pynecone-mail-sorter-dev-alb-sg"
        }
      + tags_all               = {
          + "Environment" = "dev"
          + "ManagedBy"   = "terraform"
          + "Name"        = "pynecone-mail-sorter-dev-alb-sg"
          + "Project"     = "pynecone-mail-sorter"
        }
      + vpc_id                 = (known after apply)
    }

  # aws_security_group.ecs will be created
  + resource "aws_security_group" "ecs" {
      + arn                    = (known after apply)
      + description            = "ECS tasks security group"
      + egress                 = [
          + {
              + cidr_blocks      = [
                  + "0.0.0.0/0",
                ]
              + description      = "DNS"
              + from_port        = 53
              + ipv6_cidr_blocks = []
              + prefix_list_ids  = []
              + protocol         = "udp"
              + security_groups  = []
              + self             = false
              + to_port          = 53
            },
          + {
              + cidr_blocks      = [
                  + "0.0.0.0/0",
                ]
              + description      = "HTTPS outbound"
              + from_port        = 443
              + ipv6_cidr_blocks = []
              + prefix_list_ids  = []
              + protocol         = "tcp"
              + security_groups  = []
              + self             = false
              + to_port          = 443
            },
        ]
      + id                     = (known after apply)
      + ingress                = [
          + {
              + cidr_blocks      = []
              + description      = "From ALB"
              + from_port        = 3000
              + ipv6_cidr_blocks = []
              + prefix_list_ids  = []
              + protocol         = "tcp"
              + security_groups  = (known after apply)
              + self             = false
              + to_port          = 3000
            },
        ]
      + name                   = "pynecone-mail-sorter-dev-ecs-sg"
      + name_prefix            = (known after apply)
      + owner_id               = (known after apply)
      + revoke_rules_on_delete = false
      + tags                   = {
          + "Name" = "pynecone-mail-sorter-dev-ecs-sg"
        }
      + tags_all               = {
          + "Environment" = "dev"
          + "ManagedBy"   = "terraform"
          + "Name"        = "pynecone-mail-sorter-dev-ecs-sg"
          + "Project"     = "pynecone-mail-sorter"
        }
      + vpc_id                 = (known after apply)
    }

  # aws_security_group.efs will be created
  + resource "aws_security_group" "efs" {
      + arn                    = (known after apply)
      + description            = "EFS security group"
      + egress                 = [
          + {
              + cidr_blocks      = [
                  + "0.0.0.0/0",
                ]
              + description      = "All egress"
              + from_port        = 0
              + ipv6_cidr_blocks = []
              + prefix_list_ids  = []
              + protocol         = "-1"
              + security_groups  = []
              + self             = false
              + to_port          = 0
            },
        ]
      + id                     = (known after apply)
      + ingress                = [
          + {
              + cidr_blocks      = []
              + description      = "NFS from ECS"
              + from_port        = 2049
              + ipv6_cidr_blocks = []
              + prefix_list_ids  = []
              + protocol         = "tcp"
              + security_groups  = (known after apply)
              + self             = false
              + to_port          = 2049
            },
        ]
      + name                   = "pynecone-mail-sorter-dev-efs-sg"
      + name_prefix            = (known after apply)
      + owner_id               = (known after apply)
      + revoke_rules_on_delete = false
      + tags                   = {
          + "Name" = "pynecone-mail-sorter-dev-efs-sg"
        }
      + tags_all               = {
          + "Environment" = "dev"
          + "ManagedBy"   = "terraform"
          + "Name"        = "pynecone-mail-sorter-dev-efs-sg"
          + "Project"     = "pynecone-mail-sorter"
        }
      + vpc_id                 = (known after apply)
    }

  # aws_subnet.private["us-east-1a"] will be created
  + resource "aws_subnet" "private" {
      + arn                                            = (known after apply)
      + assign_ipv6_address_on_creation                = false
      + availability_zone                              = "us-east-1a"
      + availability_zone_id                           = (known after apply)
      + cidr_block                                     = "10.0.10.0/24"
      + enable_dns64                                   = false
      + enable_resource_name_dns_a_record_on_launch    = false
      + enable_resource_name_dns_aaaa_record_on_launch = false
      + id                                             = (known after apply)
      + ipv6_cidr_block_association_id                 = (known after apply)
      + ipv6_native                                    = false
      + map_public_ip_on_launch                        = false
      + owner_id                                       = (known after apply)
      + private_dns_hostname_type_on_launch            = (known after apply)
      + tags                                           = {
          + "Name" = "pynecone-mail-sorter-dev-private-us-east-1a"
          + "Tier" = "private"
        }
      + tags_all                                       = {
          + "Environment" = "dev"
          + "ManagedBy"   = "terraform"
          + "Name"        = "pynecone-mail-sorter-dev-private-us-east-1a"
          + "Project"     = "pynecone-mail-sorter"
          + "Tier"        = "private"
        }
      + vpc_id                                         = (known after apply)
    }

  # aws_subnet.private["us-east-1b"] will be created
  + resource "aws_subnet" "private" {
      + arn                                            = (known after apply)
      + assign_ipv6_address_on_creation                = false
      + availability_zone                              = "us-east-1b"
      + availability_zone_id                           = (known after apply)
      + cidr_block                                     = "10.0.11.0/24"
      + enable_dns64                                   = false
      + enable_resource_name_dns_a_record_on_launch    = false
      + enable_resource_name_dns_aaaa_record_on_launch = false
      + id                                             = (known after apply)
      + ipv6_cidr_block_association_id                 = (known after apply)
      + ipv6_native                                    = false
      + map_public_ip_on_launch                        = false
      + owner_id                                       = (known after apply)
      + private_dns_hostname_type_on_launch            = (known after apply)
      + tags                                           = {
          + "Name" = "pynecone-mail-sorter-dev-private-us-east-1b"
          + "Tier" = "private"
        }
      + tags_all                                       = {
          + "Environment" = "dev"
          + "ManagedBy"   = "terraform"
          + "Name"        = "pynecone-mail-sorter-dev-private-us-east-1b"
          + "Project"     = "pynecone-mail-sorter"
          + "Tier"        = "private"
        }
      + vpc_id                                         = (known after apply)
    }

  # aws_subnet.public["us-east-1a"] will be created
  + resource "aws_subnet" "public" {
      + arn                                            = (known after apply)
      + assign_ipv6_address_on_creation                = false
      + availability_zone                              = "us-east-1a"
      + availability_zone_id                           = (known after apply)
      + cidr_block                                     = "10.0.0.0/24"
      + enable_dns64                                   = false
      + enable_resource_name_dns_a_record_on_launch    = false
      + enable_resource_name_dns_aaaa_record_on_launch = false
      + id                                             = (known after apply)
      + ipv6_cidr_block_association_id                 = (known after apply)
      + ipv6_native                                    = false
      + map_public_ip_on_launch                        = true
      + owner_id                                       = (known after apply)
      + private_dns_hostname_type_on_launch            = (known after apply)
      + tags                                           = {
          + "Name" = "pynecone-mail-sorter-dev-public-us-east-1a"
          + "Tier" = "public"
        }
      + tags_all                                       = {
          + "Environment" = "dev"
          + "ManagedBy"   = "terraform"
          + "Name"        = "pynecone-mail-sorter-dev-public-us-east-1a"
          + "Project"     = "pynecone-mail-sorter"
          + "Tier"        = "public"
        }
      + vpc_id                                         = (known after apply)
    }

  # aws_subnet.public["us-east-1b"] will be created
  + resource "aws_subnet" "public" {
      + arn                                            = (known after apply)
      + assign_ipv6_address_on_creation                = false
      + availability_zone                              = "us-east-1b"
      + availability_zone_id                           = (known after apply)
      + cidr_block                                     = "10.0.1.0/24"
      + enable_dns64                                   = false
      + enable_resource_name_dns_a_record_on_launch    = false
      + enable_resource_name_dns_aaaa_record_on_launch = false
      + id                                             = (known after apply)
      + ipv6_cidr_block_association_id                 = (known after apply)
      + ipv6_native                                    = false
      + map_public_ip_on_launch                        = true
      + owner_id                                       = (known after apply)
      + private_dns_hostname_type_on_launch            = (known after apply)
      + tags                                           = {
          + "Name" = "pynecone-mail-sorter-dev-public-us-east-1b"
          + "Tier" = "public"
        }
      + tags_all                                       = {
          + "Environment" = "dev"
          + "ManagedBy"   = "terraform"
          + "Name"        = "pynecone-mail-sorter-dev-public-us-east-1b"
          + "Project"     = "pynecone-mail-sorter"
          + "Tier"        = "public"
        }
      + vpc_id                                         = (known after apply)
    }

  # aws_vpc.this will be created
  + resource "aws_vpc" "this" {
      + arn                                  = (known after apply)
      + cidr_block                           = "10.0.0.0/16"
      + default_network_acl_id               = (known after apply)
      + default_route_table_id               = (known after apply)
      + default_security_group_id            = (known after apply)
      + dhcp_options_id                      = (known after apply)
      + enable_dns_hostnames                 = true
      + enable_dns_support                   = true
      + enable_network_address_usage_metrics = (known after apply)
      + id                                   = (known after apply)
      + instance_tenancy                     = "default"
      + ipv6_association_id                  = (known after apply)
      + ipv6_cidr_block                      = (known after apply)
      + ipv6_cidr_block_network_border_group = (known after apply)
      + main_route_table_id                  = (known after apply)
      + owner_id                             = (known after apply)
      + tags                                 = {
          + "Name" = "pynecone-mail-sorter-dev-vpc"
        }
      + tags_all                             = {
          + "Environment" = "dev"
          + "ManagedBy"   = "terraform"
          + "Name"        = "pynecone-mail-sorter-dev-vpc"
          + "Project"     = "pynecone-mail-sorter"
        }
    }

Plan: 36 to add, 0 to change, 0 to destroy.

Changes to Outputs:
  + alb_dns_name            = (known after apply)
  + app_url                 = (known after apply)
  + ecr_repository_url      = (known after apply)
  + efs_file_system_id      = (known after apply)
  + google_oauth_secret_arn = (known after apply)
aws_vpc.this: Creating...
aws_secretsmanager_secret.google_oauth: Creating...
aws_ecs_cluster.this: Creating...
aws_cloudwatch_log_group.app: Creating...
aws_iam_role.task_execution: Creating...
aws_efs_file_system.this: Creating...
aws_iam_role.task: Creating...
aws_ecr_repository.app: Creating...
aws_eip.nat: Creating...
aws_eip.nat: Creation complete after 0s [id=eipalloc-35dbcaf032a13155e]
aws_secretsmanager_secret.google_oauth: Creation complete after 1s [id=arn:aws:secretsmanager:us-east-1:000000000000:secret:pynecone-mail-sorter-dev/google/client_secret_json-uRqVUQ]
data.aws_iam_policy_document.task_inline: Reading...
aws_secretsmanager_secret_version.google_oauth: Creating...
data.aws_iam_policy_document.task_inline: Read complete after 0s [id=1306628114]
aws_secretsmanager_secret_version.google_oauth: Creation complete after 0s [id=arn:aws:secretsmanager:us-east-1:000000000000:secret:pynecone-mail-sorter-dev/google/client_secret_json-uRqVUQ|terraform-20260127004620541700000003]
aws_iam_role.task_execution: Creation complete after 1s [id=pynecone-mail-sorter-dev-ecs-task-exec]
aws_iam_role.task: Creation complete after 1s [id=pynecone-mail-sorter-dev-ecs-task]
aws_iam_role_policy_attachment.task_execution: Creating...
aws_iam_role_policy.task_inline: Creating...
aws_iam_role_policy_attachment.task_execution: Creation complete after 0s [id=pynecone-mail-sorter-dev-ecs-task-exec-20260127004621323500000004]
aws_iam_role_policy.task_inline: Creation complete after 0s [id=pynecone-mail-sorter-dev-ecs-task:pynecone-mail-sorter-dev-task-inline]
aws_cloudwatch_log_group.app: Creation complete after 1s [id=/ecs/pynecone-mail-sorter-dev]
aws_ecr_repository.app: Creation complete after 3s [id=pynecone-mail-sorter-dev-app]
aws_ecr_lifecycle_policy.app: Creating...
aws_ecr_lifecycle_policy.app: Creation complete after 0s [id=pynecone-mail-sorter-dev-app]
aws_efs_file_system.this: Creation complete after 5s [id=fs-1c765284]
aws_efs_access_point.this: Creating...
aws_efs_access_point.this: Creation complete after 0s [id=fsap-79160df3]
aws_vpc.this: Still creating... [00m10s elapsed]
aws_ecs_cluster.this: Still creating... [00m10s elapsed]
aws_vpc.this: Creation complete after 10s [id=vpc-f818348723ebf7890]
aws_internet_gateway.this: Creating...
aws_subnet.public["us-east-1b"]: Creating...
aws_subnet.private["us-east-1b"]: Creating...
aws_subnet.public["us-east-1a"]: Creating...
aws_subnet.private["us-east-1a"]: Creating...
aws_security_group.alb: Creating...
aws_lb_target_group.app: Creating...
aws_subnet.private["us-east-1a"]: Creation complete after 1s [id=subnet-bc5435f6bfe02a5c0]
aws_subnet.private["us-east-1b"]: Creation complete after 1s [id=subnet-516c49586cc288d27]
aws_internet_gateway.this: Creation complete after 1s [id=igw-2e9ae6c7f76713160]
aws_route_table.public: Creating...
aws_security_group.alb: Creation complete after 1s [id=sg-39204242cc788ea72]
aws_security_group.ecs: Creating...
aws_ecs_cluster.this: Creation complete after 11s [id=arn:aws:ecs:us-east-1:000000000000:cluster/pynecone-mail-sorter-dev-cluster]
aws_lb_target_group.app: Creation complete after 1s [id=arn:aws:elasticloadbalancing:us-east-1:000000000000:targetgroup/pynecone-mail-sorter-dev-tg/852ee50432c5102a]
aws_route_table.public: Creation complete after 0s [id=rtb-9e74b58fe52a4c885]
aws_security_group.ecs: Creation complete after 0s [id=sg-d5c3a6887ab7b0848]
aws_security_group.efs: Creating...
aws_security_group.efs: Creation complete after 0s [id=sg-d9d9ee868ca2977ed]
aws_efs_mount_target.this["us-east-1a"]: Creating...
aws_efs_mount_target.this["us-east-1b"]: Creating...
aws_efs_mount_target.this["us-east-1b"]: Creation complete after 2s [id=fsmt-6cf59853]
aws_efs_mount_target.this["us-east-1a"]: Creation complete after 2s [id=fsmt-55d24cef]
aws_subnet.public["us-east-1b"]: Still creating... [00m10s elapsed]
aws_subnet.public["us-east-1a"]: Still creating... [00m10s elapsed]
aws_subnet.public["us-east-1a"]: Creation complete after 11s [id=subnet-d4af4f3a55c68ec00]
aws_subnet.public["us-east-1b"]: Creation complete after 11s [id=subnet-d07963f7d17ef0eb3]
aws_route_table_association.public["us-east-1a"]: Creating...
aws_route_table_association.public["us-east-1b"]: Creating...
aws_nat_gateway.this: Creating...
aws_lb.this: Creating...
aws_route_table_association.public["us-east-1b"]: Creation complete after 0s [id=rtbassoc-bd0248e17dcf765ec]
aws_route_table_association.public["us-east-1a"]: Creation complete after 0s [id=rtbassoc-f7d2926370a416ee5]
aws_nat_gateway.this: Creation complete after 0s [id=nat-546bbc565b87ea9bb]
aws_route_table.private: Creating...
aws_route_table.private: Creation complete after 0s [id=rtb-70945b903682d02c4]
aws_route_table_association.private["us-east-1b"]: Creating...
aws_route_table_association.private["us-east-1a"]: Creating...
aws_route_table_association.private["us-east-1a"]: Creation complete after 0s [id=rtbassoc-2e7ff745a97e5fa33]
aws_route_table_association.private["us-east-1b"]: Creation complete after 0s [id=rtbassoc-694bff5ce279a03a2]
aws_lb.this: Still creating... [00m10s elapsed]
aws_lb.this: Still creating... [00m20s elapsed]
aws_lb.this: Still creating... [00m30s elapsed]
aws_lb.this: Still creating... [00m40s elapsed]
aws_lb.this: Still creating... [00m50s elapsed]
aws_lb.this: Still creating... [01m00s elapsed]
aws_lb.this: Creation complete after 1m0s [id=arn:aws:elasticloadbalancing:us-east-1:000000000000:loadbalancer/app/pynecone-mail-sorter-dev-alb/c53b91b24ae8195e]
aws_ecs_task_definition.app: Creating...
aws_lb_listener.http: Creating...
aws_ecs_task_definition.app: Creation complete after 0s [id=pynecone-mail-sorter-dev-task]
aws_lb_listener.http: Creation complete after 0s [id=arn:aws:elasticloadbalancing:us-east-1:000000000000:listener/app/pynecone-mail-sorter-dev-alb/c53b91b24ae8195e/5778625e6b04a67c]
aws_ecs_service.app: Creating...
aws_ecs_service.app: Still creating... [00m10s elapsed]
aws_ecs_service.app: Still creating... [00m20s elapsed]
aws_ecs_service.app: Creation complete after 21s [id=arn:aws:ecs:us-east-1:000000000000:service/pynecone-mail-sorter-dev-cluster/pynecone-mail-sorter-dev-svc]

Apply complete! Resources: 36 added, 0 changed, 0 destroyed.

Outputs:

alb_dns_name = "pynecone-mail-sorter-dev-alb.elb.localhost.localstack.cloud"
app_url = "http://pynecone-mail-sorter-dev-alb.elb.localhost.localstack.cloud"
ecr_repository_url = "000000000000.dkr.ecr.us-east-1.localhost.localstack.cloud:4566/pynecone-mail-sorter-dev-app"
efs_file_system_id = "fs-1c765284"
google_oauth_secret_arn = "arn:aws:secretsmanager:us-east-1:000000000000:secret:pynecone-mail-sorter-dev/google/client_secret_json-uRqVUQ"
