data.archive_file.lambda_dummy: Reading...
data.archive_file.lambda_dummy: Read complete after 0s [id=58e93fade67637870be5af38eff8d5aa66c7da49]
data.aws_region.current: Reading...
data.aws_iam_policy_document.lambda_assume: Reading...
data.aws_caller_identity.current: Reading...
data.aws_region.current: Read complete after 0s [id=eu-west-1]
data.aws_iam_policy_document.lambda_assume: Read complete after 0s [id=2690255455]
data.aws_caller_identity.current: Read complete after 0s [id=000000000000]

Terraform used the selected providers to generate the following execution
plan. Resource actions are indicated with the following symbols:
  + create
 <= read (data resources)

Terraform planned the following actions, but then encountered a problem:

  # data.aws_iam_policy_document.check will be read during apply
  # (config refers to values not yet known)
 <= data "aws_iam_policy_document" "check" {
      + id            = (known after apply)
      + json          = (known after apply)
      + minified_json = (known after apply)

      + statement {
          + actions   = [
              + "dynamodb:GetItem",
              + "dynamodb:PutItem",
            ]
          + effect    = "Allow"
          + resources = [
              + (known after apply),
            ]
          + sid       = "DynamoDBReadWrite"
        }
      + statement {
          + actions   = [
              + "logs:CreateLogStream",
              + "logs:PutLogEvents",
            ]
          + effect    = "Allow"
          + resources = [
              + (known after apply),
            ]
          + sid       = "Logs"
        }
    }

  # data.aws_iam_policy_document.send_notification will be read during apply
  # (config refers to values not yet known)
 <= data "aws_iam_policy_document" "send_notification" {
      + id            = (known after apply)
      + json          = (known after apply)
      + minified_json = (known after apply)

      + statement {
          + actions   = [
              + "dynamodb:DescribeStream",
              + "dynamodb:GetRecords",
              + "dynamodb:GetShardIterator",
              + "dynamodb:ListStreams",
            ]
          + effect    = "Allow"
          + resources = [
              + (known after apply),
            ]
          + sid       = "ReadDynamoDBStream"
        }
      + statement {
          + actions   = [
              + "sns:Publish",
            ]
          + effect    = "Allow"
          + resources = [
              + (known after apply),
            ]
          + sid       = "PublishSNS"
        }
      + statement {
          + actions   = [
              + "logs:CreateLogStream",
              + "logs:PutLogEvents",
            ]
          + effect    = "Allow"
          + resources = [
              + (known after apply),
            ]
          + sid       = "Logs"
        }
    }

  # data.aws_iam_policy_document.send_telegram will be read during apply
  # (config refers to values not yet known)
 <= data "aws_iam_policy_document" "send_telegram" {
      + id            = (known after apply)
      + json          = (known after apply)
      + minified_json = (known after apply)

      + statement {
          + actions   = [
              + "ssm:GetParameter",
              + "ssm:GetParametersByPath",
            ]
          + effect    = "Allow"
          + resources = [
              + "arn:aws:ssm:eu-west-1:000000000000:parameter/announcements/telegram/*",
              + (known after apply),
            ]
          + sid       = "SSMRead"
        }
      + statement {
          + actions   = [
              + "kms:Decrypt",
            ]
          + effect    = "Allow"
          + resources = [
              + (known after apply),
            ]
          + sid       = "KMSDecryptForSSM"
        }
      + statement {
          + actions   = [
              + "logs:CreateLogStream",
              + "logs:PutLogEvents",
            ]
          + effect    = "Allow"
          + resources = [
              + (known after apply),
            ]
          + sid       = "Logs"
        }
    }

  # aws_cloudwatch_event_rule.check_schedule will be created
  + resource "aws_cloudwatch_event_rule" "check_schedule" {
      + arn                 = (known after apply)
      + description         = "Scheduled trigger for check_announcement"
      + event_bus_name      = "default"
      + force_destroy       = false
      + id                  = (known after apply)
      + name                = "cann-check-announcement"
      + name_prefix         = (known after apply)
      + schedule_expression = "ai-tf"
      + tags_all            = {
          + "App"         = "cann"
          + "CreatedBy"   = "terraform"
          + "Environment" = "production"
        }
    }

  # aws_cloudwatch_event_target.check_schedule will be created
  + resource "aws_cloudwatch_event_target" "check_schedule" {
      + arn            = (known after apply)
      + event_bus_name = "default"
      + force_destroy  = false
      + id             = (known after apply)
      + input          = jsonencode(
            {
              + AnnouncementID = "ndptf"
            }
        )
      + rule           = "cann-check-announcement"
      + target_id      = "check_announcement"
    }

  # aws_cloudwatch_log_group.check will be created
  + resource "aws_cloudwatch_log_group" "check" {
      + arn               = (known after apply)
      + id                = (known after apply)
      + log_group_class   = (known after apply)
      + name              = "/aws/lambda/check_announcement"
      + name_prefix       = (known after apply)
      + retention_in_days = 14
      + skip_destroy      = false
      + tags_all          = {
          + "App"         = "cann"
          + "CreatedBy"   = "terraform"
          + "Environment" = "production"
        }
    }

  # aws_cloudwatch_log_group.send_notification will be created
  + resource "aws_cloudwatch_log_group" "send_notification" {
      + arn               = (known after apply)
      + id                = (known after apply)
      + log_group_class   = (known after apply)
      + name              = "/aws/lambda/send_notification"
      + name_prefix       = (known after apply)
      + retention_in_days = 14
      + skip_destroy      = false
      + tags_all          = {
          + "App"         = "cann"
          + "CreatedBy"   = "terraform"
          + "Environment" = "production"
        }
    }

  # aws_cloudwatch_log_group.send_telegram will be created
  + resource "aws_cloudwatch_log_group" "send_telegram" {
      + arn               = (known after apply)
      + id                = (known after apply)
      + log_group_class   = (known after apply)
      + name              = "/aws/lambda/send_telegram_notification"
      + name_prefix       = (known after apply)
      + retention_in_days = 14
      + skip_destroy      = false
      + tags_all          = {
          + "App"         = "cann"
          + "CreatedBy"   = "terraform"
          + "Environment" = "production"
        }
    }

  # aws_dynamodb_table.announcements will be created
  + resource "aws_dynamodb_table" "announcements" {
      + arn              = (known after apply)
      + billing_mode     = "PAY_PER_REQUEST"
      + hash_key         = "URL"
      + id               = (known after apply)
      + name             = "cann-announcements"
      + read_capacity    = (known after apply)
      + stream_arn       = (known after apply)
      + stream_enabled   = true
      + stream_label     = (known after apply)
      + stream_view_type = "NEW_IMAGE"
      + tags_all         = {
          + "App"         = "cann"
          + "CreatedBy"   = "terraform"
          + "Environment" = "production"
        }
      + write_capacity   = (known after apply)

      + attribute {
          + name = "URL"
          + type = "S"
        }

      + point_in_time_recovery {
          + enabled                 = true
          + recovery_period_in_days = (known after apply)
        }

      + server_side_encryption (known after apply)

      + ttl {
          + attribute_name = "TTL"
          + enabled        = true
        }
    }

  # aws_iam_policy.check will be created
  + resource "aws_iam_policy" "check" {
      + arn              = (known after apply)
      + attachment_count = (known after apply)
      + id               = (known after apply)
      + name             = "check_announcement-policy"
      + name_prefix      = (known after apply)
      + path             = "/"
      + policy           = (known after apply)
      + policy_id        = (known after apply)
      + tags_all         = {
          + "App"         = "cann"
          + "CreatedBy"   = "terraform"
          + "Environment" = "production"
        }
    }

  # aws_iam_policy.send_notification will be created
  + resource "aws_iam_policy" "send_notification" {
      + arn              = (known after apply)
      + attachment_count = (known after apply)
      + id               = (known after apply)
      + name             = "send_notification-policy"
      + name_prefix      = (known after apply)
      + path             = "/"
      + policy           = (known after apply)
      + policy_id        = (known after apply)
      + tags_all         = {
          + "App"         = "cann"
          + "CreatedBy"   = "terraform"
          + "Environment" = "production"
        }
    }

  # aws_iam_policy.send_telegram will be created
  + resource "aws_iam_policy" "send_telegram" {
      + arn              = (known after apply)
      + attachment_count = (known after apply)
      + id               = (known after apply)
      + name             = "send_telegram_notification-policy"
      + name_prefix      = (known after apply)
      + path             = "/"
      + policy           = (known after apply)
      + policy_id        = (known after apply)
      + tags_all         = {
          + "App"         = "cann"
          + "CreatedBy"   = "terraform"
          + "Environment" = "production"
        }
    }

  # aws_iam_role.check will be created
  + resource "aws_iam_role" "check" {
      + arn                   = (known after apply)
      + assume_role_policy    = jsonencode(
            {
              + Statement = [
                  + {
                      + Action    = "sts:AssumeRole"
                      + Effect    = "Allow"
                      + Principal = {
                          + Service = "lambda.amazonaws.com"
                        }
                    },
                ]
              + Version   = "2012-10-17"
            }
        )
      + create_date           = (known after apply)
      + force_detach_policies = false
      + id                    = (known after apply)
      + managed_policy_arns   = (known after apply)
      + max_session_duration  = 3600
      + name                  = "check_announcement-role"
      + name_prefix           = (known after apply)
      + path                  = "/"
      + tags_all              = {
          + "App"         = "cann"
          + "CreatedBy"   = "terraform"
          + "Environment" = "production"
        }
      + unique_id             = (known after apply)

      + inline_policy (known after apply)
    }

  # aws_iam_role.send_notification will be created
  + resource "aws_iam_role" "send_notification" {
      + arn                   = (known after apply)
      + assume_role_policy    = jsonencode(
            {
              + Statement = [
                  + {
                      + Action    = "sts:AssumeRole"
                      + Effect    = "Allow"
                      + Principal = {
                          + Service = "lambda.amazonaws.com"
                        }
                    },
                ]
              + Version   = "2012-10-17"
            }
        )
      + create_date           = (known after apply)
      + force_detach_policies = false
      + id                    = (known after apply)
      + managed_policy_arns   = (known after apply)
      + max_session_duration  = 3600
      + name                  = "send_notification-role"
      + name_prefix           = (known after apply)
      + path                  = "/"
      + tags_all              = {
          + "App"         = "cann"
          + "CreatedBy"   = "terraform"
          + "Environment" = "production"
        }
      + unique_id             = (known after apply)

      + inline_policy (known after apply)
    }

  # aws_iam_role.send_telegram will be created
  + resource "aws_iam_role" "send_telegram" {
      + arn                   = (known after apply)
      + assume_role_policy    = jsonencode(
            {
              + Statement = [
                  + {
                      + Action    = "sts:AssumeRole"
                      + Effect    = "Allow"
                      + Principal = {
                          + Service = "lambda.amazonaws.com"
                        }
                    },
                ]
              + Version   = "2012-10-17"
            }
        )
      + create_date           = (known after apply)
      + force_detach_policies = false
      + id                    = (known after apply)
      + managed_policy_arns   = (known after apply)
      + max_session_duration  = 3600
      + name                  = "send_telegram_notification-role"
      + name_prefix           = (known after apply)
      + path                  = "/"
      + tags_all              = {
          + "App"         = "cann"
          + "CreatedBy"   = "terraform"
          + "Environment" = "production"
        }
      + unique_id             = (known after apply)

      + inline_policy (known after apply)
    }

  # aws_iam_role_policy_attachment.check will be created
  + resource "aws_iam_role_policy_attachment" "check" {
      + id         = (known after apply)
      + policy_arn = (known after apply)
      + role       = "check_announcement-role"
    }

  # aws_iam_role_policy_attachment.send_notification will be created
  + resource "aws_iam_role_policy_attachment" "send_notification" {
      + id         = (known after apply)
      + policy_arn = (known after apply)
      + role       = "send_notification-role"
    }

  # aws_iam_role_policy_attachment.send_telegram will be created
  + resource "aws_iam_role_policy_attachment" "send_telegram" {
      + id         = (known after apply)
      + policy_arn = (known after apply)
      + role       = "send_telegram_notification-role"
    }

  # aws_kms_alias.ssm will be created
  + resource "aws_kms_alias" "ssm" {
      + arn            = (known after apply)
      + id             = (known after apply)
      + name           = "alias/cann-ssm"
      + name_prefix    = (known after apply)
      + target_key_arn = (known after apply)
      + target_key_id  = (known after apply)
    }

  # aws_kms_key.ssm will be created
  + resource "aws_kms_key" "ssm" {
      + arn                                = (known after apply)
      + bypass_policy_lockout_safety_check = false
      + customer_master_key_spec           = "SYMMETRIC_DEFAULT"
      + deletion_window_in_days            = 7
      + description                        = "KMS key for SSM Parameter Store SecureString (cann)"
      + enable_key_rotation                = true
      + id                                 = (known after apply)
      + is_enabled                         = true
      + key_id                             = (known after apply)
      + key_usage                          = "ENCRYPT_DECRYPT"
      + multi_region                       = (known after apply)
      + policy                             = (known after apply)
      + rotation_period_in_days            = (known after apply)
      + tags_all                           = {
          + "App"         = "cann"
          + "CreatedBy"   = "terraform"
          + "Environment" = "production"
        }
    }

  # aws_lambda_event_source_mapping.ddb_stream_to_send_notification will be created
  + resource "aws_lambda_event_source_mapping" "ddb_stream_to_send_notification" {
      + arn                           = (known after apply)
      + enabled                       = true
      + event_source_arn              = (known after apply)
      + function_arn                  = (known after apply)
      + function_name                 = (known after apply)
      + id                            = (known after apply)
      + last_modified                 = (known after apply)
      + last_processing_result        = (known after apply)
      + maximum_record_age_in_seconds = (known after apply)
      + maximum_retry_attempts        = (known after apply)
      + parallelization_factor        = (known after apply)
      + starting_position             = "LATEST"
      + state                         = (known after apply)
      + state_transition_reason       = (known after apply)
      + tags_all                      = {
          + "App"         = "cann"
          + "CreatedBy"   = "terraform"
          + "Environment" = "production"
        }
      + uuid                          = (known after apply)

      + amazon_managed_kafka_event_source_config (known after apply)

      + filter_criteria {
          + filter {
              + pattern = jsonencode(
                    {
                      + eventName = [
                          + "INSERT",
                        ]
                    }
                )
            }
        }

      + self_managed_kafka_event_source_config (known after apply)
    }

  # aws_lambda_function.check will be created
  + resource "aws_lambda_function" "check" {
      + architectures                  = (known after apply)
      + arn                            = (known after apply)
      + code_sha256                    = (known after apply)
      + description                    = "Check if there is a new announcement and store state in DynamoDB"
      + filename                       = "./.dummy/lambda.zip"
      + function_name                  = "check_announcement"
      + handler                        = "main"
      + id                             = (known after apply)
      + invoke_arn                     = (known after apply)
      + last_modified                  = (known after apply)
      + memory_size                    = 128
      + package_type                   = "Zip"
      + publish                        = false
      + qualified_arn                  = (known after apply)
      + qualified_invoke_arn           = (known after apply)
      + reserved_concurrent_executions = -1
      + role                           = (known after apply)
      + runtime                        = "go1.x"
      + signing_job_arn                = (known after apply)
      + signing_profile_version_arn    = (known after apply)
      + skip_destroy                   = false
      + source_code_hash               = "wmbalFzzY/wG3ivChKElOZB3+B4gptmQyIat05p+fU4="
      + source_code_size               = (known after apply)
      + tags_all                       = {
          + "App"         = "cann"
          + "CreatedBy"   = "terraform"
          + "Environment" = "production"
        }
      + timeout                        = 10
      + version                        = (known after apply)

      + environment {
          + variables = {
              + "BASE_URL"       = "http://www.gobcan.es/educacion/Nombramientos/Documentos"
              + "DATE_FORMAT"    = "02-01-06"
              + "DYNAMODB_TABLE" = "cann-announcements"
            }
        }

      + ephemeral_storage (known after apply)

      + logging_config (known after apply)

      + tracing_config (known after apply)
    }

  # aws_lambda_function.send_notification will be created
  + resource "aws_lambda_function" "send_notification" {
      + architectures                  = (known after apply)
      + arn                            = (known after apply)
      + code_sha256                    = (known after apply)
      + description                    = "Publish DynamoDB stream inserts to SNS"
      + filename                       = "./.dummy/lambda.zip"
      + function_name                  = "send_notification"
      + handler                        = "main"
      + id                             = (known after apply)
      + invoke_arn                     = (known after apply)
      + last_modified                  = (known after apply)
      + memory_size                    = 128
      + package_type                   = "Zip"
      + publish                        = false
      + qualified_arn                  = (known after apply)
      + qualified_invoke_arn           = (known after apply)
      + reserved_concurrent_executions = -1
      + role                           = (known after apply)
      + runtime                        = "go1.x"
      + signing_job_arn                = (known after apply)
      + signing_profile_version_arn    = (known after apply)
      + skip_destroy                   = false
      + source_code_hash               = "wmbalFzzY/wG3ivChKElOZB3+B4gptmQyIat05p+fU4="
      + source_code_size               = (known after apply)
      + tags_all                       = {
          + "App"         = "cann"
          + "CreatedBy"   = "terraform"
          + "Environment" = "production"
        }
      + timeout                        = 10
      + version                        = (known after apply)

      + environment {
          + variables = (known after apply)
        }

      + ephemeral_storage (known after apply)

      + logging_config (known after apply)

      + tracing_config (known after apply)
    }

  # aws_lambda_function.send_telegram will be created
  + resource "aws_lambda_function" "send_telegram" {
      + architectures                  = (known after apply)
      + arn                            = (known after apply)
      + code_sha256                    = (known after apply)
      + description                    = "Send SNS notifications to Telegram"
      + filename                       = "./.dummy/lambda.zip"
      + function_name                  = "send_telegram_notification"
      + handler                        = "main"
      + id                             = (known after apply)
      + invoke_arn                     = (known after apply)
      + last_modified                  = (known after apply)
      + memory_size                    = 256
      + package_type                   = "Zip"
      + publish                        = false
      + qualified_arn                  = (known after apply)
      + qualified_invoke_arn           = (known after apply)
      + reserved_concurrent_executions = 2
      + role                           = (known after apply)
      + runtime                        = "go1.x"
      + signing_job_arn                = (known after apply)
      + signing_profile_version_arn    = (known after apply)
      + skip_destroy                   = false
      + source_code_hash               = "wmbalFzzY/wG3ivChKElOZB3+B4gptmQyIat05p+fU4="
      + source_code_size               = (known after apply)
      + tags_all                       = {
          + "App"         = "cann"
          + "CreatedBy"   = "terraform"
          + "Environment" = "production"
        }
      + timeout                        = 30
      + version                        = (known after apply)

      + environment {
          + variables = {
              + "SSM_TELEGRAM_AUTH_TOKEN"   = "/announcements/telegram/auth_token"
              + "SSM_TELEGRAM_CHANNEL_NAME" = "/announcements/telegram/{{.AnnouncementID}}/channel_name"
              + "SSM_TELEGRAM_CHAT_ID"      = "/announcements/telegram/{{.AnnouncementID}}/chat_id"
            }
        }

      + ephemeral_storage (known after apply)

      + logging_config (known after apply)

      + tracing_config (known after apply)
    }

  # aws_lambda_permission.allow_eventbridge will be created
  + resource "aws_lambda_permission" "allow_eventbridge" {
      + action              = "lambda:InvokeFunction"
      + function_name       = "check_announcement"
      + id                  = (known after apply)
      + principal           = "events.amazonaws.com"
      + source_arn          = (known after apply)
      + statement_id        = "AllowExecutionFromEventBridge"
      + statement_id_prefix = (known after apply)
    }

  # aws_lambda_permission.allow_sns will be created
  + resource "aws_lambda_permission" "allow_sns" {
      + action              = "lambda:InvokeFunction"
      + function_name       = "send_telegram_notification"
      + id                  = (known after apply)
      + principal           = "sns.amazonaws.com"
      + source_arn          = (known after apply)
      + statement_id        = "AllowExecutionFromSNS"
      + statement_id_prefix = (known after apply)
    }

  # aws_sns_topic.notifications will be created
  + resource "aws_sns_topic" "notifications" {
      + arn                         = (known after apply)
      + beginning_archive_time      = (known after apply)
      + content_based_deduplication = false
      + fifo_throughput_scope       = (known after apply)
      + fifo_topic                  = false
      + id                          = (known after apply)
      + name                        = "cann-notifications"
      + name_prefix                 = (known after apply)
      + owner                       = (known after apply)
      + policy                      = (known after apply)
      + signature_version           = (known after apply)
      + tags_all                    = {
          + "App"         = "cann"
          + "CreatedBy"   = "terraform"
          + "Environment" = "production"
        }
      + tracing_config              = (known after apply)
    }

  # aws_sns_topic_subscription.telegram will be created
  + resource "aws_sns_topic_subscription" "telegram" {
      + arn                             = (known after apply)
      + confirmation_timeout_in_minutes = 1
      + confirmation_was_authenticated  = (known after apply)
      + endpoint                        = (known after apply)
      + endpoint_auto_confirms          = false
      + filter_policy_scope             = (known after apply)
      + id                              = (known after apply)
      + owner_id                        = (known after apply)
      + pending_confirmation            = (known after apply)
      + protocol                        = "lambda"
      + raw_message_delivery            = false
      + topic_arn                       = (known after apply)
    }

  # aws_ssm_parameter.telegram_auth_token will be created
  + resource "aws_ssm_parameter" "telegram_auth_token" {
      + arn            = (known after apply)
      + data_type      = (known after apply)
      + has_value_wo   = (known after apply)
      + id             = (known after apply)
      + insecure_value = (known after apply)
      + key_id         = (known after apply)
      + name           = "/announcements/telegram/auth_token"
      + tags_all       = {
          + "App"         = "cann"
          + "CreatedBy"   = "terraform"
          + "Environment" = "production"
        }
      + tier           = (known after apply)
      + type           = "SecureString"
      + value          = (sensitive value)
      + value_wo       = (write-only attribute)
      + version        = (known after apply)
    }

Plan: 26 to add, 0 to change, 0 to destroy.

Changes to Outputs:
  + dynamodb_table_name          = "cann-announcements"
  + lambda_check_arn             = (known after apply)
  + lambda_send_notification_arn = (known after apply)
  + lambda_send_telegram_arn     = (known after apply)
  + sns_topic_arn                = (known after apply)
  + ssm_telegram_auth_token_name = "/announcements/telegram/auth_token"
