{"format_version":"1.2","terraform_version":"1.13.5","variables":{"aws_region":{"value":"us-east-1"},"private_subnets":{"value":["10.0.101.0/24","10.0.102.0/24"]},"project_name":{"value":"ai-tf"},"public_subnets":{"value":["10.0.1.0/24","10.0.2.0/24"]},"vpc_cidr":{"value":"10.0.0.0/16"}},"planned_values":{"outputs":{"dynamodb_table_tf_lock":{"sensitive":false},"iam_role_arn":{"sensitive":false},"kms_key_arn":{"sensitive":false},"private_subnet_ids":{"sensitive":false},"public_subnet_ids":{"sensitive":false},"s3_bucket_tf_state":{"sensitive":false},"vpc_id":{"sensitive":false}},"root_module":{"resources":[{"address":"aws_cloudtrail.iac","mode":"managed","type":"aws_cloudtrail","name":"iac","provider_name":"registry.terraform.io/hashicorp/aws","schema_version":1,"values":{"advanced_event_selector":[],"cloud_watch_logs_group_arn":null,"cloud_watch_logs_role_arn":null,"enable_log_file_validation":true,"enable_logging":true,"event_selector":[],"include_global_service_events":true,"insight_selector":[],"is_multi_region_trail":true,"is_organization_trail":false,"name":"ai-tf-cloudtrail","region":"us-east-1","s3_key_prefix":null,"sns_topic_name":null,"tags":null},"sensitive_values":{"advanced_event_selector":[],"event_selector":[],"insight_selector":[],"tags_all":{}},"identity_schema_version":0,"identity":{"arn":null}},{"address":"aws_dynamodb_table.tf_lock","mode":"managed","type":"aws_dynamodb_table","name":"tf_lock","provider_name":"registry.terraform.io/hashicorp/aws","schema_version":1,"values":{"attribute":[{"name":"LockID","type":"S"}],"billing_mode":"PAY_PER_REQUEST","deletion_protection_enabled":null,"global_secondary_index":[],"hash_key":"LockID","import_table":[],"local_secondary_index":[],"name":"ai-tf-tf-lock","on_demand_throughput":[],"range_key":null,"region":"us-east-1","replica":[],"restore_date_time":null,"restore_source_name":null,"restore_source_table_arn":null,"restore_to_latest_time":null,"server_side_encryption":[{"enabled":true}],"stream_enabled":null,"table_class":null,"tags":null,"timeouts":null},"sensitive_values":{"attribute":[{}],"global_secondary_index":[],"global_table_witness":[],"import_table":[],"local_secondary_index":[],"on_demand_throughput":[],"point_in_time_recovery":[],"replica":[],"server_side_encryption":[{}],"tags_all":{},"ttl":[],"warm_throughput":[]}},{"address":"aws_eip.nat","mode":"managed","type":"aws_eip","name":"nat","provider_name":"registry.terraform.io/hashicorp/aws","schema_version":0,"values":{"address":null,"associate_with_private_ip":null,"customer_owned_ipv4_pool":null,"domain":"vpc","region":"us-east-1","tags":null,"timeouts":null},"sensitive_values":{"tags_all":{}}},{"address":"aws_iam_role.iac_role","mode":"managed","type":"aws_iam_role","name":"iac_role","provider_name":"registry.terraform.io/hashicorp/aws","schema_version":0,"values":{"assume_role_policy":"{\"Statement\":[{\"Action\":\"sts:AssumeRole\",\"Effect\":\"Allow\",\"Principal\":{\"Service\":[\"ec2.amazonaws.com\",\"codebuild.amazonaws.com\"]}}],\"Version\":\"2012-10-17\"}","description":null,"force_detach_policies":false,"max_session_duration":3600,"name":"ai-tf-iac-role","path":"/","permissions_boundary":null,"tags":null},"sensitive_values":{"inline_policy":[],"managed_policy_arns":[],"tags_all":{}},"identity_schema_version":0,"identity":{"account_id":null,"name":null}},{"address":"aws_iam_role_policy.iac_policy","mode":"managed","type":"aws_iam_role_policy","name":"iac_policy","provider_name":"registry.terraform.io/hashicorp/aws","schema_version":0,"values":{"name":"ai-tf-iac-policy","policy":"{\"Version\":\"2012-10-17\",\"Statement\":[{\"Action\":[\"s3:*\",\"kms:GenerateDataKey\",\"kms:Encrypt\",\"kms:DescribeKey\",\"kms:Decrypt\",\"dynamodb:*\"],\"Effect\":\"Allow\",\"Resource\":\"*\"}]}"},"sensitive_values":{},"identity_schema_version":0,"identity":{"account_id":null,"name":null,"role":null}},{"address":"aws_internet_gateway.main","mode":"managed","type":"aws_internet_gateway","name":"main","provider_name":"registry.terraform.io/hashicorp/aws","schema_version":0,"values":{"region":"us-east-1","tags":{"Name":"ai-tf-igw"},"tags_all":{"Name":"ai-tf-igw"},"timeouts":null},"sensitive_values":{"tags":{},"tags_all":{}}},{"address":"aws_kms_key.iac","mode":"managed","type":"aws_kms_key","name":"iac","provider_name":"registry.terraform.io/hashicorp/aws","schema_version":0,"values":{"bypass_policy_lockout_safety_check":false,"custom_key_store_id":null,"customer_master_key_spec":"SYMMETRIC_DEFAULT","deletion_window_in_days":10,"description":"KMS key for encrypting S3 and DynamoDB","enable_key_rotation":true,"is_enabled":true,"key_usage":"ENCRYPT_DECRYPT","region":"us-east-1","tags":null,"timeouts":null,"xks_key_id":null},"sensitive_values":{"tags_all":{}},"identity_schema_version":0,"identity":{"account_id":null,"id":null,"region":null}},{"address":"aws_nat_gateway.main","mode":"managed","type":"aws_nat_gateway","name":"main","provider_name":"registry.terraform.io/hashicorp/aws","schema_version":0,"values":{"availability_zone_address":[],"connectivity_type":"public","region":"us-east-1","tags":{"Name":"ai-tf-nat"},"tags_all":{"Name":"ai-tf-nat"},"timeouts":null},"sensitive_values":{"availability_zone_address":[],"regional_nat_gateway_address":[],"secondary_allocation_ids":[],"secondary_private_ip_addresses":[],"tags":{},"tags_all":{}}},{"address":"aws_route.private_nat_gateway","mode":"managed","type":"aws_route","name":"private_nat_gateway","provider_name":"registry.terraform.io/hashicorp/aws","schema_version":0,"values":{"carrier_gateway_id":null,"core_network_arn":null,"destination_cidr_block":"0.0.0.0/0","destination_ipv6_cidr_block":null,"destination_prefix_list_id":null,"egress_only_gateway_id":null,"gateway_id":null,"local_gateway_id":null,"region":"us-east-1","timeouts":null,"transit_gateway_id":null,"vpc_endpoint_id":null,"vpc_peering_connection_id":null},"sensitive_values":{},"identity_schema_version":0,"identity":{"account_id":null,"destination_cidr_block":null,"destination_ipv6_cidr_block":null,"destination_prefix_list_id":null,"region":null,"route_table_id":null}},{"address":"aws_route.public_internet_access","mode":"managed","type":"aws_route","name":"public_internet_access","provider_name":"registry.terraform.io/hashicorp/aws","schema_version":0,"values":{"carrier_gateway_id":null,"core_network_arn":null,"destination_cidr_block":"0.0.0.0/0","destination_ipv6_cidr_block":null,"destination_prefix_list_id":null,"egress_only_gateway_id":null,"local_gateway_id":null,"nat_gateway_id":null,"region":"us-east-1","timeouts":null,"transit_gateway_id":null,"vpc_endpoint_id":null,"vpc_peering_connection_id":null},"sensitive_values":{},"identity_schema_version":0,"identity":{"account_id":null,"destination_cidr_block":null,"destination_ipv6_cidr_block":null,"destination_prefix_list_id":null,"region":null,"route_table_id":null}},{"address":"aws_route_table.private","mode":"managed","type":"aws_route_table","name":"private","provider_name":"registry.terraform.io/hashicorp/aws","schema_version":0,"values":{"region":"us-east-1","tags":{"Name":"ai-tf-private-rt"},"tags_all":{"Name":"ai-tf-private-rt"},"timeouts":null},"sensitive_values":{"propagating_vgws":[],"route":[],"tags":{},"tags_all":{}},"identity_schema_version":0,"identity":{"account_id":null,"id":null,"region":null}},{"address":"aws_route_table.public","mode":"managed","type":"aws_route_table","name":"public","provider_name":"registry.terraform.io/hashicorp/aws","schema_version":0,"values":{"region":"us-east-1","tags":{"Name":"ai-tf-public-rt"},"tags_all":{"Name":"ai-tf-public-rt"},"timeouts":null},"sensitive_values":{"propagating_vgws":[],"route":[],"tags":{},"tags_all":{}},"identity_schema_version":0,"identity":{"account_id":null,"id":null,"region":null}},{"address":"aws_route_table_association.private[0]","mode":"managed","type":"aws_route_table_association","name":"private","index":0,"provider_name":"registry.terraform.io/hashicorp/aws","schema_version":0,"values":{"gateway_id":null,"region":"us-east-1","timeouts":null},"sensitive_values":{}},{"address":"aws_route_table_association.private[1]","mode":"managed","type":"aws_route_table_association","name":"private","index":1,"provider_name":"registry.terraform.io/hashicorp/aws","schema_version":0,"values":{"gateway_id":null,"region":"us-east-1","timeouts":null},"sensitive_values":{}},{"address":"aws_route_table_association.public[0]","mode":"managed","type":"aws_route_table_association","name":"public","index":0,"provider_name":"registry.terraform.io/hashicorp/aws","schema_version":0,"values":{"gateway_id":null,"region":"us-east-1","timeouts":null},"sensitive_values":{}},{"address":"aws_route_table_association.public[1]","mode":"managed","type":"aws_route_table_association","name":"public","index":1,"provider_name":"registry.terraform.io/hashicorp/aws","schema_version":0,"values":{"gateway_id":null,"region":"us-east-1","timeouts":null},"sensitive_values":{}},{"address":"aws_s3_bucket.tf_state","mode":"managed","type":"aws_s3_bucket","name":"tf_state","provider_name":"registry.terraform.io/hashicorp/aws","schema_version":0,"values":{"bucket":"ai-tf-tf-state","force_destroy":false,"region":"us-east-1","server_side_encryption_configuration":[{"rule":[{"apply_server_side_encryption_by_default":[{"sse_algorithm":"aws:kms"}],"bucket_key_enabled":null}]}],"tags":null,"timeouts":null,"versioning":[{"enabled":true,"mfa_delete":false}]},"sensitive_values":{"cors_rule":[],"grant":[],"lifecycle_rule":[],"logging":[],"object_lock_configuration":[],"replication_configuration":[],"server_side_encryption_configuration":[{"rule":[{"apply_server_side_encryption_by_default":[{}]}]}],"tags_all":{},"versioning":[{}],"website":[]},"identity_schema_version":0,"identity":{"account_id":null,"bucket":null,"region":null}},{"address":"aws_s3_bucket_policy.tf_state","mode":"managed","type":"aws_s3_bucket_policy","name":"tf_state","provider_name":"registry.terraform.io/hashicorp/aws","schema_version":0,"values":{"region":"us-east-1"},"sensitive_values":{},"identity_schema_version":0,"identity":{"account_id":null,"bucket":null,"region":null}},{"address":"aws_s3_bucket_public_access_block.tf_state","mode":"managed","type":"aws_s3_bucket_public_access_block","name":"tf_state","provider_name":"registry.terraform.io/hashicorp/aws","schema_version":0,"values":{"block_public_acls":true,"block_public_policy":true,"ignore_public_acls":true,"region":"us-east-1","restrict_public_buckets":true,"skip_destroy":null},"sensitive_values":{},"identity_schema_version":0,"identity":{"account_id":null,"bucket":null,"region":null}},{"address":"aws_subnet.private[0]","mode":"managed","type":"aws_subnet","name":"private","index":0,"provider_name":"registry.terraform.io/hashicorp/aws","schema_version":1,"values":{"assign_ipv6_address_on_creation":false,"availability_zone":"us-east-1a","cidr_block":"10.0.101.0/24","customer_owned_ipv4_pool":null,"enable_dns64":false,"enable_lni_at_device_index":null,"enable_resource_name_dns_a_record_on_launch":false,"enable_resource_name_dns_aaaa_record_on_launch":false,"ipv6_cidr_block":null,"ipv6_native":false,"map_customer_owned_ip_on_launch":null,"map_public_ip_on_launch":false,"outpost_arn":null,"region":"us-east-1","tags":{"Name":"ai-tf-private-1"},"tags_all":{"Name":"ai-tf-private-1"},"timeouts":null},"sensitive_values":{"tags":{},"tags_all":{}},"identity_schema_version":0,"identity":{"account_id":null,"id":null,"region":null}},{"address":"aws_subnet.private[1]","mode":"managed","type":"aws_subnet","name":"private","index":1,"provider_name":"registry.terraform.io/hashicorp/aws","schema_version":1,"values":{"assign_ipv6_address_on_creation":false,"availability_zone":"us-east-1b","cidr_block":"10.0.102.0/24","customer_owned_ipv4_pool":null,"enable_dns64":false,"enable_lni_at_device_index":null,"enable_resource_name_dns_a_record_on_launch":false,"enable_resource_name_dns_aaaa_record_on_launch":false,"ipv6_cidr_block":null,"ipv6_native":false,"map_customer_owned_ip_on_launch":null,"map_public_ip_on_launch":false,"outpost_arn":null,"region":"us-east-1","tags":{"Name":"ai-tf-private-2"},"tags_all":{"Name":"ai-tf-private-2"},"timeouts":null},"sensitive_values":{"tags":{},"tags_all":{}},"identity_schema_version":0,"identity":{"account_id":null,"id":null,"region":null}},{"address":"aws_subnet.public[0]","mode":"managed","type":"aws_subnet","name":"public","index":0,"provider_name":"registry.terraform.io/hashicorp/aws","schema_version":1,"values":{"assign_ipv6_address_on_creation":false,"availability_zone":"us-east-1a","cidr_block":"10.0.1.0/24","customer_owned_ipv4_pool":null,"enable_dns64":false,"enable_lni_at_device_index":null,"enable_resource_name_dns_a_record_on_launch":false,"enable_resource_name_dns_aaaa_record_on_launch":false,"ipv6_cidr_block":null,"ipv6_native":false,"map_customer_owned_ip_on_launch":null,"map_public_ip_on_launch":true,"outpost_arn":null,"region":"us-east-1","tags":{"Name":"ai-tf-public-1"},"tags_all":{"Name":"ai-tf-public-1"},"timeouts":null},"sensitive_values":{"tags":{},"tags_all":{}},"identity_schema_version":0,"identity":{"account_id":null,"id":null,"region":null}},{"address":"aws_subnet.public[1]","mode":"managed","type":"aws_subnet","name":"public","index":1,"provider_name":"registry.terraform.io/hashicorp/aws","schema_version":1,"values":{"assign_ipv6_address_on_creation":false,"availability_zone":"us-east-1b","cidr_block":"10.0.2.0/24","customer_owned_ipv4_pool":null,"enable_dns64":false,"enable_lni_at_device_index":null,"enable_resource_name_dns_a_record_on_launch":false,"enable_resource_name_dns_aaaa_record_on_launch":false,"ipv6_cidr_block":null,"ipv6_native":false,"map_customer_owned_ip_on_launch":null,"map_public_ip_on_launch":true,"outpost_arn":null,"region":"us-east-1","tags":{"Name":"ai-tf-public-2"},"tags_all":{"Name":"ai-tf-public-2"},"timeouts":null},"sensitive_values":{"tags":{},"tags_all":{}},"identity_schema_version":0,"identity":{"account_id":null,"id":null,"region":null}},{"address":"aws_vpc.main","mode":"managed","type":"aws_vpc","name":"main","provider_name":"registry.terraform.io/hashicorp/aws","schema_version":1,"values":{"assign_generated_ipv6_cidr_block":null,"cidr_block":"10.0.0.0/16","enable_dns_hostnames":true,"enable_dns_support":true,"instance_tenancy":"default","ipv4_ipam_pool_id":null,"ipv4_netmask_length":null,"ipv6_ipam_pool_id":null,"ipv6_netmask_length":null,"region":"us-east-1","tags":{"Name":"ai-tf-vpc"},"tags_all":{"Name":"ai-tf-vpc"}},"sensitive_values":{"tags":{},"tags_all":{}},"identity_schema_version":0,"identity":{"account_id":null,"id":null,"region":null}},{"address":"data.aws_iam_policy_document.s3_state","mode":"data","type":"aws_iam_policy_document","name":"s3_state","provider_name":"registry.terraform.io/hashicorp/aws","schema_version":0,"values":{"override_json":null,"override_policy_documents":null,"policy_id":null,"source_json":null,"source_policy_documents":null,"statement":[{"actions":["s3:DeleteObject","s3:GetObject","s3:ListBucket","s3:PutObject"],"condition":[],"effect":"Allow","not_actions":null,"not_principals":[],"not_resources":null,"principals":[{"identifiers":[null],"type":"AWS"}],"resources":[null,null],"sid":null}],"version":null},"sensitive_values":{"statement":[{"actions":[false,false,false,false],"condition":[],"not_principals":[],"principals":[{"identifiers":[false]}],"resources":[false,false]}]}}]}},"resource_changes":[{"address":"data.aws_iam_policy_document.s3_state","mode":"data","type":"aws_iam_policy_document","name":"s3_state","provider_name":"registry.terraform.io/hashicorp/aws","change":{"actions":["read"],"before":null,"after":{"override_json":null,"override_policy_documents":null,"policy_id":null,"source_json":null,"source_policy_documents":null,"statement":[{"actions":["s3:DeleteObject","s3:GetObject","s3:ListBucket","s3:PutObject"],"condition":[],"effect":"Allow","not_actions":null,"not_principals":[],"not_resources":null,"principals":[{"identifiers":[null],"type":"AWS"}],"resources":[null,null],"sid":null}],"version":null},"after_unknown":{"id":true,"json":true,"minified_json":true,"statement":[{"actions":[false,false,false,false],"condition":[],"not_principals":[],"principals":[{"identifiers":[true]}],"resources":[true,true]}]},"before_sensitive":false,"after_sensitive":{"statement":[{"actions":[false,false,false,false],"condition":[],"not_principals":[],"principals":[{"identifiers":[false]}],"resources":[false,false]}]}},"action_reason":"read_because_config_unknown"},{"address":"aws_cloudtrail.iac","mode":"managed","type":"aws_cloudtrail","name":"iac","provider_name":"registry.terraform.io/hashicorp/aws","change":{"actions":["create"],"before":null,"after":{"advanced_event_selector":[],"cloud_watch_logs_group_arn":null,"cloud_watch_logs_role_arn":null,"enable_log_file_validation":true,"enable_logging":true,"event_selector":[],"include_global_service_events":true,"insight_selector":[],"is_multi_region_trail":true,"is_organization_trail":false,"name":"ai-tf-cloudtrail","region":"us-east-1","s3_key_prefix":null,"sns_topic_name":null,"tags":null},"after_unknown":{"advanced_event_selector":[],"arn":true,"event_selector":[],"home_region":true,"id":true,"insight_selector":[],"kms_key_id":true,"s3_bucket_name":true,"sns_topic_arn":true,"tags_all":true},"before_sensitive":false,"after_sensitive":{"advanced_event_selector":[],"event_selector":[],"insight_selector":[],"tags_all":{}},"after_identity":{"arn":null}}},{"address":"aws_dynamodb_table.tf_lock","mode":"managed","type":"aws_dynamodb_table","name":"tf_lock","provider_name":"registry.terraform.io/hashicorp/aws","change":{"actions":["create"],"before":null,"after":{"attribute":[{"name":"LockID","type":"S"}],"billing_mode":"PAY_PER_REQUEST","deletion_protection_enabled":null,"global_secondary_index":[],"hash_key":"LockID","import_table":[],"local_secondary_index":[],"name":"ai-tf-tf-lock","on_demand_throughput":[],"range_key":null,"region":"us-east-1","replica":[],"restore_date_time":null,"restore_source_name":null,"restore_source_table_arn":null,"restore_to_latest_time":null,"server_side_encryption":[{"enabled":true}],"stream_enabled":null,"table_class":null,"tags":null,"timeouts":null},"after_unknown":{"arn":true,"attribute":[{}],"global_secondary_index":[],"global_table_witness":true,"id":true,"import_table":[],"local_secondary_index":[],"on_demand_throughput":[],"point_in_time_recovery":true,"read_capacity":true,"replica":[],"server_side_encryption":[{"kms_key_arn":true}],"stream_arn":true,"stream_label":true,"stream_view_type":true,"tags_all":true,"ttl":true,"warm_throughput":true,"write_capacity":true},"before_sensitive":false,"after_sensitive":{"attribute":[{}],"global_secondary_index":[],"global_table_witness":[],"import_table":[],"local_secondary_index":[],"on_demand_throughput":[],"point_in_time_recovery":[],"replica":[],"server_side_encryption":[{}],"tags_all":{},"ttl":[],"warm_throughput":[]}}},{"address":"aws_eip.nat","mode":"managed","type":"aws_eip","name":"nat","provider_name":"registry.terraform.io/hashicorp/aws","change":{"actions":["create"],"before":null,"after":{"address":null,"associate_with_private_ip":null,"customer_owned_ipv4_pool":null,"domain":"vpc","region":"us-east-1","tags":null,"timeouts":null},"after_unknown":{"allocation_id":true,"arn":true,"association_id":true,"carrier_ip":true,"customer_owned_ip":true,"id":true,"instance":true,"ipam_pool_id":true,"network_border_group":true,"network_interface":true,"private_dns":true,"private_ip":true,"ptr_record":true,"public_dns":true,"public_ip":true,"public_ipv4_pool":true,"tags_all":true},"before_sensitive":false,"after_sensitive":{"tags_all":{}}}},{"address":"aws_iam_role.iac_role","mode":"managed","type":"aws_iam_role","name":"iac_role","provider_name":"registry.terraform.io/hashicorp/aws","change":{"actions":["create"],"before":null,"after":{"assume_role_policy":"{\"Statement\":[{\"Action\":\"sts:AssumeRole\",\"Effect\":\"Allow\",\"Principal\":{\"Service\":[\"ec2.amazonaws.com\",\"codebuild.amazonaws.com\"]}}],\"Version\":\"2012-10-17\"}","description":null,"force_detach_policies":false,"max_session_duration":3600,"name":"ai-tf-iac-role","path":"/","permissions_boundary":null,"tags":null},"after_unknown":{"arn":true,"create_date":true,"id":true,"inline_policy":true,"managed_policy_arns":true,"name_prefix":true,"tags_all":true,"unique_id":true},"before_sensitive":false,"after_sensitive":{"inline_policy":[],"managed_policy_arns":[],"tags_all":{}},"after_identity":{"account_id":null,"name":null}}},{"address":"aws_iam_role_policy.iac_policy","mode":"managed","type":"aws_iam_role_policy","name":"iac_policy","provider_name":"registry.terraform.io/hashicorp/aws","change":{"actions":["create"],"before":null,"after":{"name":"ai-tf-iac-policy","policy":"{\"Version\":\"2012-10-17\",\"Statement\":[{\"Action\":[\"s3:*\",\"kms:GenerateDataKey\",\"kms:Encrypt\",\"kms:DescribeKey\",\"kms:Decrypt\",\"dynamodb:*\"],\"Effect\":\"Allow\",\"Resource\":\"*\"}]}"},"after_unknown":{"id":true,"name_prefix":true,"role":true},"before_sensitive":false,"after_sensitive":{},"after_identity":{"account_id":null,"name":null,"role":null}}},{"address":"aws_internet_gateway.main","mode":"managed","type":"aws_internet_gateway","name":"main","provider_name":"registry.terraform.io/hashicorp/aws","change":{"actions":["create"],"before":null,"after":{"region":"us-east-1","tags":{"Name":"ai-tf-igw"},"tags_all":{"Name":"ai-tf-igw"},"timeouts":null},"after_unknown":{"arn":true,"id":true,"owner_id":true,"tags":{},"tags_all":{},"vpc_id":true},"before_sensitive":false,"after_sensitive":{"tags":{},"tags_all":{}}}},{"address":"aws_kms_key.iac","mode":"managed","type":"aws_kms_key","name":"iac","provider_name":"registry.terraform.io/hashicorp/aws","change":{"actions":["create"],"before":null,"after":{"bypass_policy_lockout_safety_check":false,"custom_key_store_id":null,"customer_master_key_spec":"SYMMETRIC_DEFAULT","deletion_window_in_days":10,"description":"KMS key for encrypting S3 and DynamoDB","enable_key_rotation":true,"is_enabled":true,"key_usage":"ENCRYPT_DECRYPT","region":"us-east-1","tags":null,"timeouts":null,"xks_key_id":null},"after_unknown":{"arn":true,"id":true,"key_id":true,"multi_region":true,"policy":true,"rotation_period_in_days":true,"tags_all":true},"before_sensitive":false,"after_sensitive":{"tags_all":{}},"after_identity":{"account_id":null,"id":null,"region":null}}},{"address":"aws_nat_gateway.main","mode":"managed","type":"aws_nat_gateway","name":"main","provider_name":"registry.terraform.io/hashicorp/aws","change":{"actions":["create"],"before":null,"after":{"availability_zone_address":[],"connectivity_type":"public","region":"us-east-1","tags":{"Name":"ai-tf-nat"},"tags_all":{"Name":"ai-tf-nat"},"timeouts":null},"after_unknown":{"allocation_id":true,"association_id":true,"auto_provision_zones":true,"auto_scaling_ips":true,"availability_mode":true,"availability_zone_address":[],"id":true,"network_interface_id":true,"private_ip":true,"public_ip":true,"regional_nat_gateway_address":true,"regional_nat_gateway_auto_mode":true,"route_table_id":true,"secondary_allocation_ids":true,"secondary_private_ip_address_count":true,"secondary_private_ip_addresses":true,"subnet_id":true,"tags":{},"tags_all":{},"vpc_id":true},"before_sensitive":false,"after_sensitive":{"availability_zone_address":[],"regional_nat_gateway_address":[],"secondary_allocation_ids":[],"secondary_private_ip_addresses":[],"tags":{},"tags_all":{}}}},{"address":"aws_route.private_nat_gateway","mode":"managed","type":"aws_route","name":"private_nat_gateway","provider_name":"registry.terraform.io/hashicorp/aws","change":{"actions":["create"],"before":null,"after":{"carrier_gateway_id":null,"core_network_arn":null,"destination_cidr_block":"0.0.0.0/0","destination_ipv6_cidr_block":null,"destination_prefix_list_id":null,"egress_only_gateway_id":null,"gateway_id":null,"local_gateway_id":null,"region":"us-east-1","timeouts":null,"transit_gateway_id":null,"vpc_endpoint_id":null,"vpc_peering_connection_id":null},"after_unknown":{"id":true,"instance_id":true,"instance_owner_id":true,"nat_gateway_id":true,"network_interface_id":true,"origin":true,"route_table_id":true,"state":true},"before_sensitive":false,"after_sensitive":{},"after_identity":{"account_id":null,"destination_cidr_block":null,"destination_ipv6_cidr_block":null,"destination_prefix_list_id":null,"region":null,"route_table_id":null}}},{"address":"aws_route.public_internet_access","mode":"managed","type":"aws_route","name":"public_internet_access","provider_name":"registry.terraform.io/hashicorp/aws","change":{"actions":["create"],"before":null,"after":{"carrier_gateway_id":null,"core_network_arn":null,"destination_cidr_block":"0.0.0.0/0","destination_ipv6_cidr_block":null,"destination_prefix_list_id":null,"egress_only_gateway_id":null,"local_gateway_id":null,"nat_gateway_id":null,"region":"us-east-1","timeouts":null,"transit_gateway_id":null,"vpc_endpoint_id":null,"vpc_peering_connection_id":null},"after_unknown":{"gateway_id":true,"id":true,"instance_id":true,"instance_owner_id":true,"network_interface_id":true,"origin":true,"route_table_id":true,"state":true},"before_sensitive":false,"after_sensitive":{},"after_identity":{"account_id":null,"destination_cidr_block":null,"destination_ipv6_cidr_block":null,"destination_prefix_list_id":null,"region":null,"route_table_id":null}}},{"address":"aws_route_table.private","mode":"managed","type":"aws_route_table","name":"private","provider_name":"registry.terraform.io/hashicorp/aws","change":{"actions":["create"],"before":null,"after":{"region":"us-east-1","tags":{"Name":"ai-tf-private-rt"},"tags_all":{"Name":"ai-tf-private-rt"},"timeouts":null},"after_unknown":{"arn":true,"id":true,"owner_id":true,"propagating_vgws":true,"route":true,"tags":{},"tags_all":{},"vpc_id":true},"before_sensitive":false,"after_sensitive":{"propagating_vgws":[],"route":[],"tags":{},"tags_all":{}},"after_identity":{"account_id":null,"id":null,"region":null}}},{"address":"aws_route_table.public","mode":"managed","type":"aws_route_table","name":"public","provider_name":"registry.terraform.io/hashicorp/aws","change":{"actions":["create"],"before":null,"after":{"region":"us-east-1","tags":{"Name":"ai-tf-public-rt"},"tags_all":{"Name":"ai-tf-public-rt"},"timeouts":null},"after_unknown":{"arn":true,"id":true,"owner_id":true,"propagating_vgws":true,"route":true,"tags":{},"tags_all":{},"vpc_id":true},"before_sensitive":false,"after_sensitive":{"propagating_vgws":[],"route":[],"tags":{},"tags_all":{}},"after_identity":{"account_id":null,"id":null,"region":null}}},{"address":"aws_route_table_association.private[0]","mode":"managed","type":"aws_route_table_association","name":"private","index":0,"provider_name":"registry.terraform.io/hashicorp/aws","change":{"actions":["create"],"before":null,"after":{"gateway_id":null,"region":"us-east-1","timeouts":null},"after_unknown":{"id":true,"route_table_id":true,"subnet_id":true},"before_sensitive":false,"after_sensitive":{}}},{"address":"aws_route_table_association.private[1]","mode":"managed","type":"aws_route_table_association","name":"private","index":1,"provider_name":"registry.terraform.io/hashicorp/aws","change":{"actions":["create"],"before":null,"after":{"gateway_id":null,"region":"us-east-1","timeouts":null},"after_unknown":{"id":true,"route_table_id":true,"subnet_id":true},"before_sensitive":false,"after_sensitive":{}}},{"address":"aws_route_table_association.public[0]","mode":"managed","type":"aws_route_table_association","name":"public","index":0,"provider_name":"registry.terraform.io/hashicorp/aws","change":{"actions":["create"],"before":null,"after":{"gateway_id":null,"region":"us-east-1","timeouts":null},"after_unknown":{"id":true,"route_table_id":true,"subnet_id":true},"before_sensitive":false,"after_sensitive":{}}},{"address":"aws_route_table_association.public[1]","mode":"managed","type":"aws_route_table_association","name":"public","index":1,"provider_name":"registry.terraform.io/hashicorp/aws","change":{"actions":["create"],"before":null,"after":{"gateway_id":null,"region":"us-east-1","timeouts":null},"after_unknown":{"id":true,"route_table_id":true,"subnet_id":true},"before_sensitive":false,"after_sensitive":{}}},{"address":"aws_s3_bucket.tf_state","mode":"managed","type":"aws_s3_bucket","name":"tf_state","provider_name":"registry.terraform.io/hashicorp/aws","change":{"actions":["create"],"before":null,"after":{"bucket":"ai-tf-tf-state","force_destroy":false,"region":"us-east-1","server_side_encryption_configuration":[{"rule":[{"apply_server_side_encryption_by_default":[{"sse_algorithm":"aws:kms"}],"bucket_key_enabled":null}]}],"tags":null,"timeouts":null,"versioning":[{"enabled":true,"mfa_delete":false}]},"after_unknown":{"acceleration_status":true,"acl":true,"arn":true,"bucket_domain_name":true,"bucket_prefix":true,"bucket_region":true,"bucket_regional_domain_name":true,"cors_rule":true,"grant":true,"hosted_zone_id":true,"id":true,"lifecycle_rule":true,"logging":true,"object_lock_configuration":true,"object_lock_enabled":true,"policy":true,"replication_configuration":true,"request_payer":true,"server_side_encryption_configuration":[{"rule":[{"apply_server_side_encryption_by_default":[{"kms_master_key_id":true}]}]}],"tags_all":true,"versioning":[{}],"website":true,"website_domain":true,"website_endpoint":true},"before_sensitive":false,"after_sensitive":{"cors_rule":[],"grant":[],"lifecycle_rule":[],"logging":[],"object_lock_configuration":[],"replication_configuration":[],"server_side_encryption_configuration":[{"rule":[{"apply_server_side_encryption_by_default":[{}]}]}],"tags_all":{},"versioning":[{}],"website":[]},"after_identity":{"account_id":null,"bucket":null,"region":null}}},{"address":"aws_s3_bucket_policy.tf_state","mode":"managed","type":"aws_s3_bucket_policy","name":"tf_state","provider_name":"registry.terraform.io/hashicorp/aws","change":{"actions":["create"],"before":null,"after":{"region":"us-east-1"},"after_unknown":{"bucket":true,"id":true,"policy":true},"before_sensitive":false,"after_sensitive":{},"after_identity":{"account_id":null,"bucket":null,"region":null}}},{"address":"aws_s3_bucket_public_access_block.tf_state","mode":"managed","type":"aws_s3_bucket_public_access_block","name":"tf_state","provider_name":"registry.terraform.io/hashicorp/aws","change":{"actions":["create"],"before":null,"after":{"block_public_acls":true,"block_public_policy":true,"ignore_public_acls":true,"region":"us-east-1","restrict_public_buckets":true,"skip_destroy":null},"after_unknown":{"bucket":true,"id":true},"before_sensitive":false,"after_sensitive":{},"after_identity":{"account_id":null,"bucket":null,"region":null}}},{"address":"aws_subnet.private[0]","mode":"managed","type":"aws_subnet","name":"private","index":0,"provider_name":"registry.terraform.io/hashicorp/aws","change":{"actions":["create"],"before":null,"after":{"assign_ipv6_address_on_creation":false,"availability_zone":"us-east-1a","cidr_block":"10.0.101.0/24","customer_owned_ipv4_pool":null,"enable_dns64":false,"enable_lni_at_device_index":null,"enable_resource_name_dns_a_record_on_launch":false,"enable_resource_name_dns_aaaa_record_on_launch":false,"ipv6_cidr_block":null,"ipv6_native":false,"map_customer_owned_ip_on_launch":null,"map_public_ip_on_launch":false,"outpost_arn":null,"region":"us-east-1","tags":{"Name":"ai-tf-private-1"},"tags_all":{"Name":"ai-tf-private-1"},"timeouts":null},"after_unknown":{"arn":true,"availability_zone_id":true,"id":true,"ipv6_cidr_block_association_id":true,"owner_id":true,"private_dns_hostname_type_on_launch":true,"tags":{},"tags_all":{},"vpc_id":true},"before_sensitive":false,"after_sensitive":{"tags":{},"tags_all":{}},"after_identity":{"account_id":null,"id":null,"region":null}}},{"address":"aws_subnet.private[1]","mode":"managed","type":"aws_subnet","name":"private","index":1,"provider_name":"registry.terraform.io/hashicorp/aws","change":{"actions":["create"],"before":null,"after":{"assign_ipv6_address_on_creation":false,"availability_zone":"us-east-1b","cidr_block":"10.0.102.0/24","customer_owned_ipv4_pool":null,"enable_dns64":false,"enable_lni_at_device_index":null,"enable_resource_name_dns_a_record_on_launch":false,"enable_resource_name_dns_aaaa_record_on_launch":false,"ipv6_cidr_block":null,"ipv6_native":false,"map_customer_owned_ip_on_launch":null,"map_public_ip_on_launch":false,"outpost_arn":null,"region":"us-east-1","tags":{"Name":"ai-tf-private-2"},"tags_all":{"Name":"ai-tf-private-2"},"timeouts":null},"after_unknown":{"arn":true,"availability_zone_id":true,"id":true,"ipv6_cidr_block_association_id":true,"owner_id":true,"private_dns_hostname_type_on_launch":true,"tags":{},"tags_all":{},"vpc_id":true},"before_sensitive":false,"after_sensitive":{"tags":{},"tags_all":{}},"after_identity":{"account_id":null,"id":null,"region":null}}},{"address":"aws_subnet.public[0]","mode":"managed","type":"aws_subnet","name":"public","index":0,"provider_name":"registry.terraform.io/hashicorp/aws","change":{"actions":["create"],"before":null,"after":{"assign_ipv6_address_on_creation":false,"availability_zone":"us-east-1a","cidr_block":"10.0.1.0/24","customer_owned_ipv4_pool":null,"enable_dns64":false,"enable_lni_at_device_index":null,"enable_resource_name_dns_a_record_on_launch":false,"enable_resource_name_dns_aaaa_record_on_launch":false,"ipv6_cidr_block":null,"ipv6_native":false,"map_customer_owned_ip_on_launch":null,"map_public_ip_on_launch":true,"outpost_arn":null,"region":"us-east-1","tags":{"Name":"ai-tf-public-1"},"tags_all":{"Name":"ai-tf-public-1"},"timeouts":null},"after_unknown":{"arn":true,"availability_zone_id":true,"id":true,"ipv6_cidr_block_association_id":true,"owner_id":true,"private_dns_hostname_type_on_launch":true,"tags":{},"tags_all":{},"vpc_id":true},"before_sensitive":false,"after_sensitive":{"tags":{},"tags_all":{}},"after_identity":{"account_id":null,"id":null,"region":null}}},{"address":"aws_subnet.public[1]","mode":"managed","type":"aws_subnet","name":"public","index":1,"provider_name":"registry.terraform.io/hashicorp/aws","change":{"actions":["create"],"before":null,"after":{"assign_ipv6_address_on_creation":false,"availability_zone":"us-east-1b","cidr_block":"10.0.2.0/24","customer_owned_ipv4_pool":null,"enable_dns64":false,"enable_lni_at_device_index":null,"enable_resource_name_dns_a_record_on_launch":false,"enable_resource_name_dns_aaaa_record_on_launch":false,"ipv6_cidr_block":null,"ipv6_native":false,"map_customer_owned_ip_on_launch":null,"map_public_ip_on_launch":true,"outpost_arn":null,"region":"us-east-1","tags":{"Name":"ai-tf-public-2"},"tags_all":{"Name":"ai-tf-public-2"},"timeouts":null},"after_unknown":{"arn":true,"availability_zone_id":true,"id":true,"ipv6_cidr_block_association_id":true,"owner_id":true,"private_dns_hostname_type_on_launch":true,"tags":{},"tags_all":{},"vpc_id":true},"before_sensitive":false,"after_sensitive":{"tags":{},"tags_all":{}},"after_identity":{"account_id":null,"id":null,"region":null}}},{"address":"aws_vpc.main","mode":"managed","type":"aws_vpc","name":"main","provider_name":"registry.terraform.io/hashicorp/aws","change":{"actions":["create"],"before":null,"after":{"assign_generated_ipv6_cidr_block":null,"cidr_block":"10.0.0.0/16","enable_dns_hostnames":true,"enable_dns_support":true,"instance_tenancy":"default","ipv4_ipam_pool_id":null,"ipv4_netmask_length":null,"ipv6_ipam_pool_id":null,"ipv6_netmask_length":null,"region":"us-east-1","tags":{"Name":"ai-tf-vpc"},"tags_all":{"Name":"ai-tf-vpc"}},"after_unknown":{"arn":true,"default_network_acl_id":true,"default_route_table_id":true,"default_security_group_id":true,"dhcp_options_id":true,"enable_network_address_usage_metrics":true,"id":true,"ipv6_association_id":true,"ipv6_cidr_block":true,"ipv6_cidr_block_network_border_group":true,"main_route_table_id":true,"owner_id":true,"tags":{},"tags_all":{}},"before_sensitive":false,"after_sensitive":{"tags":{},"tags_all":{}},"after_identity":{"account_id":null,"id":null,"region":null}}}],"output_changes":{"dynamodb_table_tf_lock":{"actions":["create"],"before":null,"after_unknown":true,"before_sensitive":false,"after_sensitive":false},"iam_role_arn":{"actions":["create"],"before":null,"after_unknown":true,"before_sensitive":false,"after_sensitive":false},"kms_key_arn":{"actions":["create"],"before":null,"after_unknown":true,"before_sensitive":false,"after_sensitive":false},"private_subnet_ids":{"actions":["create"],"before":null,"after":[null,null],"after_unknown":[true,true],"before_sensitive":false,"after_sensitive":false},"public_subnet_ids":{"actions":["create"],"before":null,"after":[null,null],"after_unknown":[true,true],"before_sensitive":false,"after_sensitive":false},"s3_bucket_tf_state":{"actions":["create"],"before":null,"after_unknown":true,"before_sensitive":false,"after_sensitive":false},"vpc_id":{"actions":["create"],"before":null,"after_unknown":true,"before_sensitive":false,"after_sensitive":false}},"prior_state":{"format_version":"1.0","terraform_version":"1.13.5","values":{"root_module":{"resources":[{"address":"data.aws_availability_zones.available","mode":"data","type":"aws_availability_zones","name":"available","provider_name":"registry.terraform.io/hashicorp/aws","schema_version":0,"values":{"all_availability_zones":null,"exclude_names":null,"exclude_zone_ids":null,"filter":null,"group_names":[""],"id":"us-east-1","names":["us-east-1a","us-east-1b","us-east-1c","us-east-1d","us-east-1e","us-east-1f"],"region":"us-east-1","state":null,"timeouts":null,"zone_ids":["use1-az6","use1-az1","use1-az2","use1-az4","use1-az3","use1-az5"]},"sensitive_values":{"group_names":[false],"names":[false,false,false,false,false,false],"zone_ids":[false,false,false,false,false,false]}},{"address":"data.aws_iam_policy_document.iac_assume_role","mode":"data","type":"aws_iam_policy_document","name":"iac_assume_role","provider_name":"registry.terraform.io/hashicorp/aws","schema_version":0,"values":{"id":"1042762460","json":"{\n  \"Version\": \"2012-10-17\",\n  \"Statement\": [\n    {\n      \"Effect\": \"Allow\",\n      \"Action\": \"sts:AssumeRole\",\n      \"Principal\": {\n        \"Service\": [\n          \"ec2.amazonaws.com\",\n          \"codebuild.amazonaws.com\"\n        ]\n      }\n    }\n  ]\n}","minified_json":"{\"Version\":\"2012-10-17\",\"Statement\":[{\"Effect\":\"Allow\",\"Action\":\"sts:AssumeRole\",\"Principal\":{\"Service\":[\"ec2.amazonaws.com\",\"codebuild.amazonaws.com\"]}}]}","override_json":null,"override_policy_documents":null,"policy_id":null,"source_json":null,"source_policy_documents":null,"statement":[{"actions":["sts:AssumeRole"],"condition":[],"effect":"Allow","not_actions":[],"not_principals":[],"not_resources":[],"principals":[{"identifiers":["codebuild.amazonaws.com","ec2.amazonaws.com"],"type":"Service"}],"resources":[],"sid":""}],"version":"2012-10-17"},"sensitive_values":{"statement":[{"actions":[false],"condition":[],"not_actions":[],"not_principals":[],"not_resources":[],"principals":[{"identifiers":[false,false]}],"resources":[]}]}},{"address":"data.aws_iam_policy_document.iac_policy","mode":"data","type":"aws_iam_policy_document","name":"iac_policy","provider_name":"registry.terraform.io/hashicorp/aws","schema_version":0,"values":{"id":"4217221414","json":"{\n  \"Version\": \"2012-10-17\",\n  \"Statement\": [\n    {\n      \"Effect\": \"Allow\",\n      \"Action\": [\n        \"s3:*\",\n        \"kms:GenerateDataKey\",\n        \"kms:Encrypt\",\n        \"kms:DescribeKey\",\n        \"kms:Decrypt\",\n        \"dynamodb:*\"\n      ],\n      \"Resource\": \"*\"\n    }\n  ]\n}","minified_json":"{\"Version\":\"2012-10-17\",\"Statement\":[{\"Effect\":\"Allow\",\"Action\":[\"s3:*\",\"kms:GenerateDataKey\",\"kms:Encrypt\",\"kms:DescribeKey\",\"kms:Decrypt\",\"dynamodb:*\"],\"Resource\":\"*\"}]}","override_json":null,"override_policy_documents":null,"policy_id":null,"source_json":null,"source_policy_documents":null,"statement":[{"actions":["dynamodb:*","kms:Decrypt","kms:DescribeKey","kms:Encrypt","kms:GenerateDataKey","s3:*"],"condition":[],"effect":"Allow","not_actions":[],"not_principals":[],"not_resources":[],"principals":[],"resources":["*"],"sid":""}],"version":"2012-10-17"},"sensitive_values":{"statement":[{"actions":[false,false,false,false,false,false],"condition":[],"not_actions":[],"not_principals":[],"not_resources":[],"principals":[],"resources":[false]}]}}]}}},"configuration":{"provider_config":{"aws":{"name":"aws","full_name":"registry.terraform.io/hashicorp/aws","version_constraint":"\u003e= 4.0.0","expressions":{"region":{"references":["var.aws_region"]}}}},"root_module":{"outputs":{"dynamodb_table_tf_lock":{"expression":{"references":["aws_dynamodb_table.tf_lock.id","aws_dynamodb_table.tf_lock"]},"description":"DynamoDB table for Terraform state locking."},"iam_role_arn":{"expression":{"references":["aws_iam_role.iac_role.arn","aws_iam_role.iac_role"]},"description":"IAM Role ARN for IaC operations."},"kms_key_arn":{"expression":{"references":["aws_kms_key.iac.arn","aws_kms_key.iac"]},"description":"KMS key ARN for encryption."},"private_subnet_ids":{"expression":{"references":["aws_subnet.private"]},"description":"IDs of private subnets."},"public_subnet_ids":{"expression":{"references":["aws_subnet.public"]},"description":"IDs of public subnets."},"s3_bucket_tf_state":{"expression":{"references":["aws_s3_bucket.tf_state.id","aws_s3_bucket.tf_state"]},"description":"S3 bucket for Terraform remote state."},"vpc_id":{"expression":{"references":["aws_vpc.main.id","aws_vpc.main"]},"description":"VPC ID."}},"resources":[{"address":"aws_cloudtrail.iac","mode":"managed","type":"aws_cloudtrail","name":"iac","provider_config_key":"aws","expressions":{"enable_log_file_validation":{"constant_value":true},"include_global_service_events":{"constant_value":true},"is_multi_region_trail":{"constant_value":true},"kms_key_id":{"references":["aws_kms_key.iac.arn","aws_kms_key.iac"]},"name":{"references":["var.project_name"]},"s3_bucket_name":{"references":["aws_s3_bucket.tf_state.id","aws_s3_bucket.tf_state"]}},"schema_version":1,"depends_on":["aws_s3_bucket_policy.tf_state"]},{"address":"aws_dynamodb_table.tf_lock","mode":"managed","type":"aws_dynamodb_table","name":"tf_lock","provider_config_key":"aws","expressions":{"attribute":[{"name":{"constant_value":"LockID"},"type":{"constant_value":"S"}}],"billing_mode":{"constant_value":"PAY_PER_REQUEST"},"hash_key":{"constant_value":"LockID"},"name":{"references":["var.project_name"]},"server_side_encryption":[{"enabled":{"constant_value":true},"kms_key_arn":{"references":["aws_kms_key.iac.arn","aws_kms_key.iac"]}}]},"schema_version":1},{"address":"aws_eip.nat","mode":"managed","type":"aws_eip","name":"nat","provider_config_key":"aws","expressions":{"domain":{"constant_value":"vpc"}},"schema_version":0},{"address":"aws_iam_role.iac_role","mode":"managed","type":"aws_iam_role","name":"iac_role","provider_config_key":"aws","expressions":{"assume_role_policy":{"references":["data.aws_iam_policy_document.iac_assume_role.json","data.aws_iam_policy_document.iac_assume_role"]},"name":{"references":["var.project_name"]}},"schema_version":0},{"address":"aws_iam_role_policy.iac_policy","mode":"managed","type":"aws_iam_role_policy","name":"iac_policy","provider_config_key":"aws","expressions":{"name":{"references":["var.project_name"]},"policy":{"references":["data.aws_iam_policy_document.iac_policy.json","data.aws_iam_policy_document.iac_policy"]},"role":{"references":["aws_iam_role.iac_role.id","aws_iam_role.iac_role"]}},"schema_version":0},{"address":"aws_internet_gateway.main","mode":"managed","type":"aws_internet_gateway","name":"main","provider_config_key":"aws","expressions":{"tags":{"references":["var.project_name"]},"vpc_id":{"references":["aws_vpc.main.id","aws_vpc.main"]}},"schema_version":0},{"address":"aws_kms_key.iac","mode":"managed","type":"aws_kms_key","name":"iac","provider_config_key":"aws","expressions":{"deletion_window_in_days":{"constant_value":10},"description":{"constant_value":"KMS key for encrypting S3 and DynamoDB"},"enable_key_rotation":{"constant_value":true}},"schema_version":0},{"address":"aws_nat_gateway.main","mode":"managed","type":"aws_nat_gateway","name":"main","provider_config_key":"aws","expressions":{"allocation_id":{"references":["aws_eip.nat.id","aws_eip.nat"]},"subnet_id":{"references":["aws_subnet.public[0].id","aws_subnet.public[0]","aws_subnet.public"]},"tags":{"references":["var.project_name"]}},"schema_version":0,"depends_on":["aws_internet_gateway.main"]},{"address":"aws_route.private_nat_gateway","mode":"managed","type":"aws_route","name":"private_nat_gateway","provider_config_key":"aws","expressions":{"destination_cidr_block":{"constant_value":"0.0.0.0/0"},"nat_gateway_id":{"references":["aws_nat_gateway.main.id","aws_nat_gateway.main"]},"route_table_id":{"references":["aws_route_table.private.id","aws_route_table.private"]}},"schema_version":0},{"address":"aws_route.public_internet_access","mode":"managed","type":"aws_route","name":"public_internet_access","provider_config_key":"aws","expressions":{"destination_cidr_block":{"constant_value":"0.0.0.0/0"},"gateway_id":{"references":["aws_internet_gateway.main.id","aws_internet_gateway.main"]},"route_table_id":{"references":["aws_route_table.public.id","aws_route_table.public"]}},"schema_version":0},{"address":"aws_route_table.private","mode":"managed","type":"aws_route_table","name":"private","provider_config_key":"aws","expressions":{"tags":{"references":["var.project_name"]},"vpc_id":{"references":["aws_vpc.main.id","aws_vpc.main"]}},"schema_version":0},{"address":"aws_route_table.public","mode":"managed","type":"aws_route_table","name":"public","provider_config_key":"aws","expressions":{"tags":{"references":["var.project_name"]},"vpc_id":{"references":["aws_vpc.main.id","aws_vpc.main"]}},"schema_version":0},{"address":"aws_route_table_association.private","mode":"managed","type":"aws_route_table_association","name":"private","provider_config_key":"aws","expressions":{"route_table_id":{"references":["aws_route_table.private.id","aws_route_table.private"]},"subnet_id":{"references":["aws_subnet.private","count.index"]}},"schema_version":0,"count_expression":{"references":["var.private_subnets"]}},{"address":"aws_route_table_association.public","mode":"managed","type":"aws_route_table_association","name":"public","provider_config_key":"aws","expressions":{"route_table_id":{"references":["aws_route_table.public.id","aws_route_table.public"]},"subnet_id":{"references":["aws_subnet.public","count.index"]}},"schema_version":0,"count_expression":{"references":["var.public_subnets"]}},{"address":"aws_s3_bucket.tf_state","mode":"managed","type":"aws_s3_bucket","name":"tf_state","provider_config_key":"aws","expressions":{"bucket":{"references":["var.project_name"]},"force_destroy":{"constant_value":false},"server_side_encryption_configuration":[{"rule":[{"apply_server_side_encryption_by_default":[{"kms_master_key_id":{"references":["aws_kms_key.iac.arn","aws_kms_key.iac"]},"sse_algorithm":{"constant_value":"aws:kms"}}]}]}],"versioning":[{"enabled":{"constant_value":true}}]},"schema_version":0},{"address":"aws_s3_bucket_policy.tf_state","mode":"managed","type":"aws_s3_bucket_policy","name":"tf_state","provider_config_key":"aws","expressions":{"bucket":{"references":["aws_s3_bucket.tf_state.id","aws_s3_bucket.tf_state"]},"policy":{"references":["data.aws_iam_policy_document.s3_state.json","data.aws_iam_policy_document.s3_state"]}},"schema_version":0},{"address":"aws_s3_bucket_public_access_block.tf_state","mode":"managed","type":"aws_s3_bucket_public_access_block","name":"tf_state","provider_config_key":"aws","expressions":{"block_public_acls":{"constant_value":true},"block_public_policy":{"constant_value":true},"bucket":{"references":["aws_s3_bucket.tf_state.id","aws_s3_bucket.tf_state"]},"ignore_public_acls":{"constant_value":true},"restrict_public_buckets":{"constant_value":true}},"schema_version":0},{"address":"aws_subnet.private","mode":"managed","type":"aws_subnet","name":"private","provider_config_key":"aws","expressions":{"availability_zone":{"references":["data.aws_availability_zones.available.names","data.aws_availability_zones.available","count.index"]},"cidr_block":{"references":["var.private_subnets","count.index"]},"tags":{"references":["var.project_name","count.index"]},"vpc_id":{"references":["aws_vpc.main.id","aws_vpc.main"]}},"schema_version":1,"count_expression":{"references":["var.private_subnets"]}},{"address":"aws_subnet.public","mode":"managed","type":"aws_subnet","name":"public","provider_config_key":"aws","expressions":{"availability_zone":{"references":["data.aws_availability_zones.available.names","data.aws_availability_zones.available","count.index"]},"cidr_block":{"references":["var.public_subnets","count.index"]},"map_public_ip_on_launch":{"constant_value":true},"tags":{"references":["var.project_name","count.index"]},"vpc_id":{"references":["aws_vpc.main.id","aws_vpc.main"]}},"schema_version":1,"count_expression":{"references":["var.public_subnets"]}},{"address":"aws_vpc.main","mode":"managed","type":"aws_vpc","name":"main","provider_config_key":"aws","expressions":{"cidr_block":{"references":["var.vpc_cidr"]},"enable_dns_hostnames":{"constant_value":true},"enable_dns_support":{"constant_value":true},"tags":{"references":["var.project_name"]}},"schema_version":1},{"address":"data.aws_availability_zones.available","mode":"data","type":"aws_availability_zones","name":"available","provider_config_key":"aws","schema_version":0},{"address":"data.aws_iam_policy_document.iac_assume_role","mode":"data","type":"aws_iam_policy_document","name":"iac_assume_role","provider_config_key":"aws","expressions":{"statement":[{"actions":{"constant_value":["sts:AssumeRole"]},"effect":{"constant_value":"Allow"},"principals":[{"identifiers":{"constant_value":["ec2.amazonaws.com","codebuild.amazonaws.com"]},"type":{"constant_value":"Service"}}]}]},"schema_version":0},{"address":"data.aws_iam_policy_document.iac_policy","mode":"data","type":"aws_iam_policy_document","name":"iac_policy","provider_config_key":"aws","expressions":{"statement":[{"actions":{"constant_value":["s3:*","dynamodb:*","kms:Encrypt","kms:Decrypt","kms:GenerateDataKey","kms:DescribeKey"]},"effect":{"constant_value":"Allow"},"resources":{"constant_value":["*"]}}]},"schema_version":0},{"address":"data.aws_iam_policy_document.s3_state","mode":"data","type":"aws_iam_policy_document","name":"s3_state","provider_config_key":"aws","expressions":{"statement":[{"actions":{"constant_value":["s3:GetObject","s3:PutObject","s3:DeleteObject","s3:ListBucket"]},"effect":{"constant_value":"Allow"},"principals":[{"identifiers":{"references":["aws_iam_role.iac_role.arn","aws_iam_role.iac_role"]},"type":{"constant_value":"AWS"}}],"resources":{"references":["aws_s3_bucket.tf_state.arn","aws_s3_bucket.tf_state","aws_s3_bucket.tf_state.arn","aws_s3_bucket.tf_state"]}}]},"schema_version":0}],"variables":{"aws_region":{"description":"AWS region to deploy resources in."},"private_subnets":{"default":["10.0.101.0/24","10.0.102.0/24"],"description":"List of private subnet CIDRs."},"project_name":{"description":"Name prefix for all resources."},"public_subnets":{"default":["10.0.1.0/24","10.0.2.0/24"],"description":"List of public subnet CIDRs."},"vpc_cidr":{"default":"10.0.0.0/16","description":"CIDR block for the VPC."}}}},"relevant_attributes":[{"resource":"data.aws_iam_policy_document.iac_policy","attribute":["json"]},{"resource":"aws_dynamodb_table.tf_lock","attribute":["id"]},{"resource":"aws_eip.nat","attribute":["id"]},{"resource":"aws_internet_gateway.main","attribute":["id"]},{"resource":"aws_route_table.public","attribute":["id"]},{"resource":"data.aws_availability_zones.available","attribute":["names"]},{"resource":"aws_s3_bucket.tf_state","attribute":["arn"]},{"resource":"aws_route_table.private","attribute":["id"]},{"resource":"aws_subnet.public","attribute":[]},{"resource":"data.aws_iam_policy_document.iac_assume_role","attribute":["json"]},{"resource":"aws_subnet.public[0]","attribute":["id"]},{"resource":"aws_iam_role.iac_role","attribute":["id"]},{"resource":"aws_vpc.main","attribute":["id"]},{"resource":"aws_kms_key.iac","attribute":["arn"]},{"resource":"data.aws_iam_policy_document.s3_state","attribute":["json"]},{"resource":"aws_iam_role.iac_role","attribute":["arn"]},{"resource":"aws_s3_bucket.tf_state","attribute":["id"]},{"resource":"aws_nat_gateway.main","attribute":["id"]},{"resource":"aws_subnet.private","attribute":[]}],"timestamp":"2025-12-22T16:59:14Z","applyable":true,"complete":true,"errored":false}
