{"format_version":"1.2","terraform_version":"1.13.5","variables":{"allowed_proxy_cidr":{"value":"10.159.0.0/24"},"allowed_ssh_cidr":{"value":null},"associate_eip":{"value":false},"aws_region":{"value":"ap-northeast-1"},"instance_type":{"value":"t3.micro"},"key_pair_name":{"value":"my-net-keypair"},"name_prefix":{"value":"squid-proxy"},"public_key_path":{"value":null},"public_subnet_cidr":{"value":"10.0.1.0/24"},"squid_conf_path":{"value":"../source/config/squid.conf"},"tags":{"value":{}},"vpc_cidr":{"value":"10.0.0.0/16"}},"planned_values":{"outputs":{"ami_id":{"sensitive":false,"type":"string","value":"ami-04681a1dbd79675a5"},"instance_id":{"sensitive":false},"proxy_endpoint":{"sensitive":false},"public_dns":{"sensitive":false},"public_ip":{"sensitive":false},"security_group_id":{"sensitive":false},"subnet_id":{"sensitive":false},"vpc_id":{"sensitive":false}},"root_module":{"resources":[{"address":"aws_iam_instance_profile.ec2","mode":"managed","type":"aws_iam_instance_profile","name":"ec2","provider_name":"registry.terraform.io/hashicorp/aws","schema_version":0,"values":{"name_prefix":"squid-proxy-ip-","path":"/","tags":{"Managed":"terraform","Project":"squid-proxy"},"tags_all":{"Managed":"terraform","Project":"squid-proxy"}},"sensitive_values":{"tags":{},"tags_all":{}}},{"address":"aws_iam_role.ec2","mode":"managed","type":"aws_iam_role","name":"ec2","provider_name":"registry.terraform.io/hashicorp/aws","schema_version":0,"values":{"assume_role_policy":"{\"Statement\":[{\"Action\":\"sts:AssumeRole\",\"Effect\":\"Allow\",\"Principal\":{\"Service\":\"ec2.amazonaws.com\"}}],\"Version\":\"2012-10-17\"}","description":null,"force_detach_policies":false,"max_session_duration":3600,"name_prefix":"squid-proxy-ec2-","path":"/","permissions_boundary":null,"tags":{"Managed":"terraform","Project":"squid-proxy"},"tags_all":{"Managed":"terraform","Project":"squid-proxy"}},"sensitive_values":{"inline_policy":[],"managed_policy_arns":[],"tags":{},"tags_all":{}},"identity_schema_version":0,"identity":{"account_id":null,"name":null}},{"address":"aws_iam_role_policy_attachment.ssm","mode":"managed","type":"aws_iam_role_policy_attachment","name":"ssm","provider_name":"registry.terraform.io/hashicorp/aws","schema_version":0,"values":{"policy_arn":"arn:aws:iam::aws:policy/AmazonSSMManagedInstanceCore"},"sensitive_values":{},"identity_schema_version":0,"identity":{"account_id":null,"policy_arn":null,"role":null}},{"address":"aws_instance.squid","mode":"managed","type":"aws_instance","name":"squid","provider_name":"registry.terraform.io/hashicorp/aws","schema_version":2,"values":{"ami":"ami-04681a1dbd79675a5","associate_public_ip_address":true,"credit_specification":[],"force_destroy":false,"get_password_data":false,"hibernation":null,"instance_type":"t3.micro","launch_template":[],"metadata_options":[{"http_endpoint":"enabled","http_protocol_ipv6":"disabled","http_tokens":"required"}],"region":"ap-northeast-1","root_block_device":[{"delete_on_termination":true,"encrypted":true,"tags":null,"volume_size":8,"volume_type":"gp3"}],"source_dest_check":true,"tags":{"Managed":"terraform","Name":"squid-proxy-ec2","Project":"squid-proxy"},"tags_all":{"Managed":"terraform","Name":"squid-proxy-ec2","Project":"squid-proxy"},"timeouts":null,"user_data":"#!/bin/bash\nset -euo pipefail\n\ntimedatectl set-timezone Asia/Tokyo || true\n\nyum update -y\nyum install -y squid\n\ncat \u003e /etc/squid/squid.conf \u003c\u003c'SQUIDCONF'\n#\n# Recommended minimum configuration:\n#\n\n# Example rule allowing access from your local networks.\n# Adapt to list your (internal) IP networks from where browsing\n# should be allowed\n# acl localnet src 10.0.0.0/16     # RFC1918 possible internal network\n# acl localnet src 172.16.0.0/12  # RFC1918 possible internal network\n# acl localnet src 192.168.0.0/16 # RFC1918 possible internal network\n# acl localnet src fc00::/7       # RFC 4193 local private network range\n# acl localnet src fe80::/10      # RFC 4291 link-local (directly plugged) machines\nacl localnet src 10.159.0.0/24\n\nacl SSL_ports port 443\nacl Safe_ports port 80          # http\n#acl Safe_ports port 21          # ftp\nacl Safe_ports port 443         # https\n#acl Safe_ports port 70          # gopher\n#acl Safe_ports port 210         # wais\n#acl Safe_ports port 1025-65535  # unregistered ports\n#acl Safe_ports port 280         # http-mgmt\n#acl Safe_ports port 488         # gss-http\n#acl Safe_ports port 591         # filemaker\n#acl Safe_ports port 777         # multiling http\nacl CONNECT method CONNECT\n\n#\n# Recommended minimum Access Permission configuration:\n#\n# Deny requests to certain unsafe ports\nhttp_access deny !Safe_ports\n\n# Deny CONNECT to other than secure SSL ports\nhttp_access deny CONNECT !SSL_ports\n\n# Only allow cachemgr access from localhost\nhttp_access allow localhost manager\nhttp_access deny manager\n\n# We strongly recommend the following be uncommented to protect innocent\n# web applications running on the proxy server who think the only\n# one who can access services on \"localhost\" is a local user\n#http_access deny to_localhost\n\n#\n# INSERT YOUR OWN RULE(S) HERE TO ALLOW ACCESS FROM YOUR CLIENTS\n#\n\n# Example rule allowing access from your local networks.\n# Adapt localnet in the ACL section to list your (internal) IP networks\n# from where browsing should be allowed\nhttp_access allow localnet\nhttp_access allow localhost\n\n# And finally deny all other access to this proxy\nhttp_access deny all\n\n# Squid normally listens to port 3128\nhttp_port 3128\n\n# Uncomment and adjust the following to add a disk cache directory.\n#cache_dir ufs /var/spool/squid 100 16 256\n\n# Leave coredumps in the first cache dir\ncoredump_dir /var/spool/squid\n\n#\n# Add any of your own refresh_pattern entries above these.\n#\nrefresh_pattern ^ftp:           1440    20%     10080\nrefresh_pattern ^gopher:        1440    0%      1440\nrefresh_pattern -i (/cgi-bin/|\\?) 0     0%      0\nrefresh_pattern .               0       20%     4320\n\n# Others\nvisible_hostname unknown\nlogformat squid %tl %\u003ea %Ss/%03\u003eHs %\u003cst %rm %ru %[un %Sh/%\u003ca %mt\nSQUIDCONF\n\nsystemctl enable squid\nsystemctl restart squid\n","user_data_replace_on_change":false,"volume_tags":null},"sensitive_values":{"capacity_reservation_specification":[],"cpu_options":[],"credit_specification":[],"ebs_block_device":[],"enclave_options":[],"ephemeral_block_device":[],"instance_market_options":[],"ipv6_addresses":[],"launch_template":[],"maintenance_options":[],"metadata_options":[{}],"network_interface":[],"primary_network_interface":[],"private_dns_name_options":[],"root_block_device":[{"tags_all":{}}],"secondary_private_ips":[],"security_groups":[],"tags":{},"tags_all":{},"vpc_security_group_ids":[]},"identity_schema_version":0,"identity":{"account_id":null,"id":null,"region":null}},{"address":"aws_internet_gateway.this","mode":"managed","type":"aws_internet_gateway","name":"this","provider_name":"registry.terraform.io/hashicorp/aws","schema_version":0,"values":{"region":"ap-northeast-1","tags":{"Managed":"terraform","Name":"squid-proxy-igw","Project":"squid-proxy"},"tags_all":{"Managed":"terraform","Name":"squid-proxy-igw","Project":"squid-proxy"},"timeouts":null},"sensitive_values":{"tags":{},"tags_all":{}}},{"address":"aws_route_table.public","mode":"managed","type":"aws_route_table","name":"public","provider_name":"registry.terraform.io/hashicorp/aws","schema_version":0,"values":{"region":"ap-northeast-1","route":[{"carrier_gateway_id":"","cidr_block":"0.0.0.0/0","core_network_arn":"","destination_prefix_list_id":"","egress_only_gateway_id":"","ipv6_cidr_block":"","local_gateway_id":"","nat_gateway_id":"","network_interface_id":"","transit_gateway_id":"","vpc_endpoint_id":"","vpc_peering_connection_id":""}],"tags":{"Managed":"terraform","Name":"squid-proxy-public-rt","Project":"squid-proxy"},"tags_all":{"Managed":"terraform","Name":"squid-proxy-public-rt","Project":"squid-proxy"},"timeouts":null},"sensitive_values":{"propagating_vgws":[],"route":[{}],"tags":{},"tags_all":{}},"identity_schema_version":0,"identity":{"account_id":null,"id":null,"region":null}},{"address":"aws_route_table_association.public","mode":"managed","type":"aws_route_table_association","name":"public","provider_name":"registry.terraform.io/hashicorp/aws","schema_version":0,"values":{"gateway_id":null,"region":"ap-northeast-1","timeouts":null},"sensitive_values":{}},{"address":"aws_security_group.squid","mode":"managed","type":"aws_security_group","name":"squid","provider_name":"registry.terraform.io/hashicorp/aws","schema_version":1,"values":{"description":"Security group for Squid proxy","egress":[{"cidr_blocks":["0.0.0.0/0"],"description":"Allow all egress","from_port":0,"ipv6_cidr_blocks":[],"prefix_list_ids":[],"protocol":"-1","security_groups":[],"self":false,"to_port":0}],"ingress":[{"cidr_blocks":["10.159.0.0/24"],"description":"Squid proxy","from_port":3128,"ipv6_cidr_blocks":[],"prefix_list_ids":[],"protocol":"tcp","security_groups":[],"self":false,"to_port":3128}],"name":"squid-proxy-sg","region":"ap-northeast-1","revoke_rules_on_delete":false,"tags":{"Managed":"terraform","Name":"squid-proxy-sg","Project":"squid-proxy"},"tags_all":{"Managed":"terraform","Name":"squid-proxy-sg","Project":"squid-proxy"},"timeouts":null},"sensitive_values":{"egress":[{"cidr_blocks":[false],"ipv6_cidr_blocks":[],"prefix_list_ids":[],"security_groups":[]}],"ingress":[{"cidr_blocks":[false],"ipv6_cidr_blocks":[],"prefix_list_ids":[],"security_groups":[]}],"tags":{},"tags_all":{}},"identity_schema_version":0,"identity":{"account_id":null,"id":null,"region":null}},{"address":"aws_subnet.public","mode":"managed","type":"aws_subnet","name":"public","provider_name":"registry.terraform.io/hashicorp/aws","schema_version":1,"values":{"assign_ipv6_address_on_creation":false,"availability_zone":"ap-northeast-1a","cidr_block":"10.0.1.0/24","customer_owned_ipv4_pool":null,"enable_dns64":false,"enable_lni_at_device_index":null,"enable_resource_name_dns_a_record_on_launch":false,"enable_resource_name_dns_aaaa_record_on_launch":false,"ipv6_cidr_block":null,"ipv6_native":false,"map_customer_owned_ip_on_launch":null,"map_public_ip_on_launch":true,"outpost_arn":null,"region":"ap-northeast-1","tags":{"Managed":"terraform","Name":"squid-proxy-public-ap-northeast-1a","Project":"squid-proxy"},"tags_all":{"Managed":"terraform","Name":"squid-proxy-public-ap-northeast-1a","Project":"squid-proxy"},"timeouts":null},"sensitive_values":{"tags":{},"tags_all":{}},"identity_schema_version":0,"identity":{"account_id":null,"id":null,"region":null}},{"address":"aws_vpc.this","mode":"managed","type":"aws_vpc","name":"this","provider_name":"registry.terraform.io/hashicorp/aws","schema_version":1,"values":{"assign_generated_ipv6_cidr_block":null,"cidr_block":"10.0.0.0/16","enable_dns_hostnames":true,"enable_dns_support":true,"instance_tenancy":"default","ipv4_ipam_pool_id":null,"ipv4_netmask_length":null,"ipv6_ipam_pool_id":null,"ipv6_netmask_length":null,"region":"ap-northeast-1","tags":{"Managed":"terraform","Name":"squid-proxy-vpc","Project":"squid-proxy"},"tags_all":{"Managed":"terraform","Name":"squid-proxy-vpc","Project":"squid-proxy"}},"sensitive_values":{"tags":{},"tags_all":{}},"identity_schema_version":0,"identity":{"account_id":null,"id":null,"region":null}}]}},"resource_changes":[{"address":"aws_iam_instance_profile.ec2","mode":"managed","type":"aws_iam_instance_profile","name":"ec2","provider_name":"registry.terraform.io/hashicorp/aws","change":{"actions":["create"],"before":null,"after":{"name_prefix":"squid-proxy-ip-","path":"/","tags":{"Managed":"terraform","Project":"squid-proxy"},"tags_all":{"Managed":"terraform","Project":"squid-proxy"}},"after_unknown":{"arn":true,"create_date":true,"id":true,"name":true,"role":true,"tags":{},"tags_all":{},"unique_id":true},"before_sensitive":false,"after_sensitive":{"tags":{},"tags_all":{}}}},{"address":"aws_iam_role.ec2","mode":"managed","type":"aws_iam_role","name":"ec2","provider_name":"registry.terraform.io/hashicorp/aws","change":{"actions":["create"],"before":null,"after":{"assume_role_policy":"{\"Statement\":[{\"Action\":\"sts:AssumeRole\",\"Effect\":\"Allow\",\"Principal\":{\"Service\":\"ec2.amazonaws.com\"}}],\"Version\":\"2012-10-17\"}","description":null,"force_detach_policies":false,"max_session_duration":3600,"name_prefix":"squid-proxy-ec2-","path":"/","permissions_boundary":null,"tags":{"Managed":"terraform","Project":"squid-proxy"},"tags_all":{"Managed":"terraform","Project":"squid-proxy"}},"after_unknown":{"arn":true,"create_date":true,"id":true,"inline_policy":true,"managed_policy_arns":true,"name":true,"tags":{},"tags_all":{},"unique_id":true},"before_sensitive":false,"after_sensitive":{"inline_policy":[],"managed_policy_arns":[],"tags":{},"tags_all":{}},"after_identity":{"account_id":null,"name":null}}},{"address":"aws_iam_role_policy_attachment.ssm","mode":"managed","type":"aws_iam_role_policy_attachment","name":"ssm","provider_name":"registry.terraform.io/hashicorp/aws","change":{"actions":["create"],"before":null,"after":{"policy_arn":"arn:aws:iam::aws:policy/AmazonSSMManagedInstanceCore"},"after_unknown":{"id":true,"role":true},"before_sensitive":false,"after_sensitive":{},"after_identity":{"account_id":null,"policy_arn":null,"role":null}}},{"address":"aws_instance.squid","mode":"managed","type":"aws_instance","name":"squid","provider_name":"registry.terraform.io/hashicorp/aws","change":{"actions":["create"],"before":null,"after":{"ami":"ami-04681a1dbd79675a5","associate_public_ip_address":true,"credit_specification":[],"force_destroy":false,"get_password_data":false,"hibernation":null,"instance_type":"t3.micro","launch_template":[],"metadata_options":[{"http_endpoint":"enabled","http_protocol_ipv6":"disabled","http_tokens":"required"}],"region":"ap-northeast-1","root_block_device":[{"delete_on_termination":true,"encrypted":true,"tags":null,"volume_size":8,"volume_type":"gp3"}],"source_dest_check":true,"tags":{"Managed":"terraform","Name":"squid-proxy-ec2","Project":"squid-proxy"},"tags_all":{"Managed":"terraform","Name":"squid-proxy-ec2","Project":"squid-proxy"},"timeouts":null,"user_data":"#!/bin/bash\nset -euo pipefail\n\ntimedatectl set-timezone Asia/Tokyo || true\n\nyum update -y\nyum install -y squid\n\ncat \u003e /etc/squid/squid.conf \u003c\u003c'SQUIDCONF'\n#\n# Recommended minimum configuration:\n#\n\n# Example rule allowing access from your local networks.\n# Adapt to list your (internal) IP networks from where browsing\n# should be allowed\n# acl localnet src 10.0.0.0/16     # RFC1918 possible internal network\n# acl localnet src 172.16.0.0/12  # RFC1918 possible internal network\n# acl localnet src 192.168.0.0/16 # RFC1918 possible internal network\n# acl localnet src fc00::/7       # RFC 4193 local private network range\n# acl localnet src fe80::/10      # RFC 4291 link-local (directly plugged) machines\nacl localnet src 10.159.0.0/24\n\nacl SSL_ports port 443\nacl Safe_ports port 80          # http\n#acl Safe_ports port 21          # ftp\nacl Safe_ports port 443         # https\n#acl Safe_ports port 70          # gopher\n#acl Safe_ports port 210         # wais\n#acl Safe_ports port 1025-65535  # unregistered ports\n#acl Safe_ports port 280         # http-mgmt\n#acl Safe_ports port 488         # gss-http\n#acl Safe_ports port 591         # filemaker\n#acl Safe_ports port 777         # multiling http\nacl CONNECT method CONNECT\n\n#\n# Recommended minimum Access Permission configuration:\n#\n# Deny requests to certain unsafe ports\nhttp_access deny !Safe_ports\n\n# Deny CONNECT to other than secure SSL ports\nhttp_access deny CONNECT !SSL_ports\n\n# Only allow cachemgr access from localhost\nhttp_access allow localhost manager\nhttp_access deny manager\n\n# We strongly recommend the following be uncommented to protect innocent\n# web applications running on the proxy server who think the only\n# one who can access services on \"localhost\" is a local user\n#http_access deny to_localhost\n\n#\n# INSERT YOUR OWN RULE(S) HERE TO ALLOW ACCESS FROM YOUR CLIENTS\n#\n\n# Example rule allowing access from your local networks.\n# Adapt localnet in the ACL section to list your (internal) IP networks\n# from where browsing should be allowed\nhttp_access allow localnet\nhttp_access allow localhost\n\n# And finally deny all other access to this proxy\nhttp_access deny all\n\n# Squid normally listens to port 3128\nhttp_port 3128\n\n# Uncomment and adjust the following to add a disk cache directory.\n#cache_dir ufs /var/spool/squid 100 16 256\n\n# Leave coredumps in the first cache dir\ncoredump_dir /var/spool/squid\n\n#\n# Add any of your own refresh_pattern entries above these.\n#\nrefresh_pattern ^ftp:           1440    20%     10080\nrefresh_pattern ^gopher:        1440    0%      1440\nrefresh_pattern -i (/cgi-bin/|\\?) 0     0%      0\nrefresh_pattern .               0       20%     4320\n\n# Others\nvisible_hostname unknown\nlogformat squid %tl %\u003ea %Ss/%03\u003eHs %\u003cst %rm %ru %[un %Sh/%\u003ca %mt\nSQUIDCONF\n\nsystemctl enable squid\nsystemctl restart squid\n","user_data_replace_on_change":false,"volume_tags":null},"after_unknown":{"arn":true,"availability_zone":true,"capacity_reservation_specification":true,"cpu_options":true,"credit_specification":[],"disable_api_stop":true,"disable_api_termination":true,"ebs_block_device":true,"ebs_optimized":true,"enable_primary_ipv6":true,"enclave_options":true,"ephemeral_block_device":true,"host_id":true,"host_resource_group_arn":true,"iam_instance_profile":true,"id":true,"instance_initiated_shutdown_behavior":true,"instance_lifecycle":true,"instance_market_options":true,"instance_state":true,"ipv6_address_count":true,"ipv6_addresses":true,"key_name":true,"launch_template":[],"maintenance_options":true,"metadata_options":[{"http_put_response_hop_limit":true,"instance_metadata_tags":true}],"monitoring":true,"network_interface":true,"outpost_arn":true,"password_data":true,"placement_group":true,"placement_group_id":true,"placement_partition_number":true,"primary_network_interface":true,"primary_network_interface_id":true,"private_dns":true,"private_dns_name_options":true,"private_ip":true,"public_dns":true,"public_ip":true,"root_block_device":[{"device_name":true,"iops":true,"kms_key_id":true,"tags_all":true,"throughput":true,"volume_id":true}],"secondary_private_ips":true,"security_groups":true,"spot_instance_request_id":true,"subnet_id":true,"tags":{},"tags_all":{},"tenancy":true,"user_data_base64":true,"vpc_security_group_ids":true},"before_sensitive":false,"after_sensitive":{"capacity_reservation_specification":[],"cpu_options":[],"credit_specification":[],"ebs_block_device":[],"enclave_options":[],"ephemeral_block_device":[],"instance_market_options":[],"ipv6_addresses":[],"launch_template":[],"maintenance_options":[],"metadata_options":[{}],"network_interface":[],"primary_network_interface":[],"private_dns_name_options":[],"root_block_device":[{"tags_all":{}}],"secondary_private_ips":[],"security_groups":[],"tags":{},"tags_all":{},"vpc_security_group_ids":[]},"after_identity":{"account_id":null,"id":null,"region":null}}},{"address":"aws_internet_gateway.this","mode":"managed","type":"aws_internet_gateway","name":"this","provider_name":"registry.terraform.io/hashicorp/aws","change":{"actions":["create"],"before":null,"after":{"region":"ap-northeast-1","tags":{"Managed":"terraform","Name":"squid-proxy-igw","Project":"squid-proxy"},"tags_all":{"Managed":"terraform","Name":"squid-proxy-igw","Project":"squid-proxy"},"timeouts":null},"after_unknown":{"arn":true,"id":true,"owner_id":true,"tags":{},"tags_all":{},"vpc_id":true},"before_sensitive":false,"after_sensitive":{"tags":{},"tags_all":{}}}},{"address":"aws_route_table.public","mode":"managed","type":"aws_route_table","name":"public","provider_name":"registry.terraform.io/hashicorp/aws","change":{"actions":["create"],"before":null,"after":{"region":"ap-northeast-1","route":[{"carrier_gateway_id":"","cidr_block":"0.0.0.0/0","core_network_arn":"","destination_prefix_list_id":"","egress_only_gateway_id":"","ipv6_cidr_block":"","local_gateway_id":"","nat_gateway_id":"","network_interface_id":"","transit_gateway_id":"","vpc_endpoint_id":"","vpc_peering_connection_id":""}],"tags":{"Managed":"terraform","Name":"squid-proxy-public-rt","Project":"squid-proxy"},"tags_all":{"Managed":"terraform","Name":"squid-proxy-public-rt","Project":"squid-proxy"},"timeouts":null},"after_unknown":{"arn":true,"id":true,"owner_id":true,"propagating_vgws":true,"route":[{"gateway_id":true}],"tags":{},"tags_all":{},"vpc_id":true},"before_sensitive":false,"after_sensitive":{"propagating_vgws":[],"route":[{}],"tags":{},"tags_all":{}},"after_identity":{"account_id":null,"id":null,"region":null}}},{"address":"aws_route_table_association.public","mode":"managed","type":"aws_route_table_association","name":"public","provider_name":"registry.terraform.io/hashicorp/aws","change":{"actions":["create"],"before":null,"after":{"gateway_id":null,"region":"ap-northeast-1","timeouts":null},"after_unknown":{"id":true,"route_table_id":true,"subnet_id":true},"before_sensitive":false,"after_sensitive":{}}},{"address":"aws_security_group.squid","mode":"managed","type":"aws_security_group","name":"squid","provider_name":"registry.terraform.io/hashicorp/aws","change":{"actions":["create"],"before":null,"after":{"description":"Security group for Squid proxy","egress":[{"cidr_blocks":["0.0.0.0/0"],"description":"Allow all egress","from_port":0,"ipv6_cidr_blocks":[],"prefix_list_ids":[],"protocol":"-1","security_groups":[],"self":false,"to_port":0}],"ingress":[{"cidr_blocks":["10.159.0.0/24"],"description":"Squid proxy","from_port":3128,"ipv6_cidr_blocks":[],"prefix_list_ids":[],"protocol":"tcp","security_groups":[],"self":false,"to_port":3128}],"name":"squid-proxy-sg","region":"ap-northeast-1","revoke_rules_on_delete":false,"tags":{"Managed":"terraform","Name":"squid-proxy-sg","Project":"squid-proxy"},"tags_all":{"Managed":"terraform","Name":"squid-proxy-sg","Project":"squid-proxy"},"timeouts":null},"after_unknown":{"arn":true,"egress":[{"cidr_blocks":[false],"ipv6_cidr_blocks":[],"prefix_list_ids":[],"security_groups":[]}],"id":true,"ingress":[{"cidr_blocks":[false],"ipv6_cidr_blocks":[],"prefix_list_ids":[],"security_groups":[]}],"name_prefix":true,"owner_id":true,"tags":{},"tags_all":{},"vpc_id":true},"before_sensitive":false,"after_sensitive":{"egress":[{"cidr_blocks":[false],"ipv6_cidr_blocks":[],"prefix_list_ids":[],"security_groups":[]}],"ingress":[{"cidr_blocks":[false],"ipv6_cidr_blocks":[],"prefix_list_ids":[],"security_groups":[]}],"tags":{},"tags_all":{}},"after_identity":{"account_id":null,"id":null,"region":null}}},{"address":"aws_subnet.public","mode":"managed","type":"aws_subnet","name":"public","provider_name":"registry.terraform.io/hashicorp/aws","change":{"actions":["create"],"before":null,"after":{"assign_ipv6_address_on_creation":false,"availability_zone":"ap-northeast-1a","cidr_block":"10.0.1.0/24","customer_owned_ipv4_pool":null,"enable_dns64":false,"enable_lni_at_device_index":null,"enable_resource_name_dns_a_record_on_launch":false,"enable_resource_name_dns_aaaa_record_on_launch":false,"ipv6_cidr_block":null,"ipv6_native":false,"map_customer_owned_ip_on_launch":null,"map_public_ip_on_launch":true,"outpost_arn":null,"region":"ap-northeast-1","tags":{"Managed":"terraform","Name":"squid-proxy-public-ap-northeast-1a","Project":"squid-proxy"},"tags_all":{"Managed":"terraform","Name":"squid-proxy-public-ap-northeast-1a","Project":"squid-proxy"},"timeouts":null},"after_unknown":{"arn":true,"availability_zone_id":true,"id":true,"ipv6_cidr_block_association_id":true,"owner_id":true,"private_dns_hostname_type_on_launch":true,"tags":{},"tags_all":{},"vpc_id":true},"before_sensitive":false,"after_sensitive":{"tags":{},"tags_all":{}},"after_identity":{"account_id":null,"id":null,"region":null}}},{"address":"aws_vpc.this","mode":"managed","type":"aws_vpc","name":"this","provider_name":"registry.terraform.io/hashicorp/aws","change":{"actions":["create"],"before":null,"after":{"assign_generated_ipv6_cidr_block":null,"cidr_block":"10.0.0.0/16","enable_dns_hostnames":true,"enable_dns_support":true,"instance_tenancy":"default","ipv4_ipam_pool_id":null,"ipv4_netmask_length":null,"ipv6_ipam_pool_id":null,"ipv6_netmask_length":null,"region":"ap-northeast-1","tags":{"Managed":"terraform","Name":"squid-proxy-vpc","Project":"squid-proxy"},"tags_all":{"Managed":"terraform","Name":"squid-proxy-vpc","Project":"squid-proxy"}},"after_unknown":{"arn":true,"default_network_acl_id":true,"default_route_table_id":true,"default_security_group_id":true,"dhcp_options_id":true,"enable_network_address_usage_metrics":true,"id":true,"ipv6_association_id":true,"ipv6_cidr_block":true,"ipv6_cidr_block_network_border_group":true,"main_route_table_id":true,"owner_id":true,"tags":{},"tags_all":{}},"before_sensitive":false,"after_sensitive":{"tags":{},"tags_all":{}},"after_identity":{"account_id":null,"id":null,"region":null}}}],"output_changes":{"ami_id":{"actions":["create"],"before":null,"after":"ami-04681a1dbd79675a5","after_unknown":false,"before_sensitive":false,"after_sensitive":false},"instance_id":{"actions":["create"],"before":null,"after_unknown":true,"before_sensitive":false,"after_sensitive":false},"proxy_endpoint":{"actions":["create"],"before":null,"after_unknown":true,"before_sensitive":false,"after_sensitive":false},"public_dns":{"actions":["create"],"before":null,"after_unknown":true,"before_sensitive":false,"after_sensitive":false},"public_ip":{"actions":["create"],"before":null,"after_unknown":true,"before_sensitive":false,"after_sensitive":false},"security_group_id":{"actions":["create"],"before":null,"after_unknown":true,"before_sensitive":false,"after_sensitive":false},"subnet_id":{"actions":["create"],"before":null,"after_unknown":true,"before_sensitive":false,"after_sensitive":false},"vpc_id":{"actions":["create"],"before":null,"after_unknown":true,"before_sensitive":false,"after_sensitive":false}},"prior_state":{"format_version":"1.0","terraform_version":"1.13.5","values":{"outputs":{"ami_id":{"sensitive":false,"value":"ami-04681a1dbd79675a5","type":"string"}},"root_module":{"resources":[{"address":"data.aws_ami.al2","mode":"data","type":"aws_ami","name":"al2","provider_name":"registry.terraform.io/hashicorp/aws","schema_version":0,"values":{"allow_unsafe_filter":null,"architecture":"x86_64","arn":"arn:aws:ec2:ap-northeast-1::image/ami-04681a1dbd79675a5","block_device_mappings":[{"device_name":"/dev/xvda","ebs":{"delete_on_termination":"false","encrypted":"false","iops":"0","snapshot_id":"snap-c824acbd812c8242a","throughput":"0","volume_initialization_rate":"0","volume_size":"15","volume_type":"standard"},"no_device":"","virtual_name":""}],"boot_mode":"uefi","creation_date":"2026-01-27T00:55:04.000Z","deprecation_time":"","description":"Amazon Linux 2 AMI 2.0.20180810 x86_64 HVM gp2","ena_support":false,"executable_users":null,"filter":[{"name":"name","values":["amzn2-ami-hvm-*-x86_64-gp2"]},{"name":"state","values":["available"]}],"hypervisor":"xen","id":"ami-04681a1dbd79675a5","image_id":"ami-04681a1dbd79675a5","image_location":"amazon/amzn2-ami-hvm-2.0.20180810-x86_64-gp2","image_owner_alias":"amazon","image_type":"machine","imds_support":"","include_deprecated":false,"kernel_id":"","last_launched_time":"","most_recent":true,"name":"amzn2-ami-hvm-2.0.20180810-x86_64-gp2","name_regex":null,"owner_id":"137112412989","owners":["amazon"],"platform":"Linux/UNIX","platform_details":"","product_codes":[],"public":true,"ramdisk_id":"","region":"ap-northeast-1","root_device_name":"/dev/xvda","root_device_type":"ebs","root_snapshot_id":"snap-c824acbd812c8242a","sriov_net_support":"","state":"available","state_reason":{"code":"UNSET","message":"UNSET"},"tags":{},"timeouts":null,"tpm_support":"","uefi_data":null,"usage_operation":"","virtualization_type":"hvm"},"sensitive_values":{"block_device_mappings":[{"ebs":{}}],"filter":[{"values":[false]},{"values":[false]}],"owners":[false],"product_codes":[],"state_reason":{},"tags":{}}},{"address":"data.aws_availability_zones.available","mode":"data","type":"aws_availability_zones","name":"available","provider_name":"registry.terraform.io/hashicorp/aws","schema_version":0,"values":{"all_availability_zones":null,"exclude_names":null,"exclude_zone_ids":null,"filter":null,"group_names":[""],"id":"ap-northeast-1","names":["ap-northeast-1a","ap-northeast-1c","ap-northeast-1d"],"region":"ap-northeast-1","state":"available","timeouts":null,"zone_ids":["apne1-az4","apne1-az1","apne1-az2"]},"sensitive_values":{"group_names":[false],"names":[false,false,false],"zone_ids":[false,false,false]}}]}}},"configuration":{"provider_config":{"aws":{"name":"aws","full_name":"registry.terraform.io/hashicorp/aws","version_constraint":"~\u003e 6.27.0","expressions":{"region":{"references":["var.aws_region"]}}}},"root_module":{"outputs":{"ami_id":{"expression":{"references":["data.aws_ami.al2.id","data.aws_ami.al2"]},"description":"AMI used for the instance"},"instance_id":{"expression":{"references":["aws_instance.squid.id","aws_instance.squid"]},"description":"EC2 instance ID"},"proxy_endpoint":{"expression":{"references":["var.associate_eip","aws_eip.this[0].public_ip","aws_eip.this[0]","aws_eip.this","aws_instance.squid.public_ip","aws_instance.squid"]},"description":"Convenience endpoint for configuring clients"},"public_dns":{"expression":{"references":["aws_instance.squid.public_dns","aws_instance.squid"]},"description":"Public DNS name of the instance"},"public_ip":{"expression":{"references":["var.associate_eip","aws_eip.this[0].public_ip","aws_eip.this[0]","aws_eip.this","aws_instance.squid.public_ip","aws_instance.squid"]},"description":"Public IP of the proxy (EIP if enabled, otherwise instance public IP)"},"security_group_id":{"expression":{"references":["aws_security_group.squid.id","aws_security_group.squid"]},"description":"Security group ID"},"subnet_id":{"expression":{"references":["aws_subnet.public.id","aws_subnet.public"]},"description":"Public subnet ID"},"vpc_id":{"expression":{"references":["aws_vpc.this.id","aws_vpc.this"]},"description":"VPC ID"}},"resources":[{"address":"aws_eip.this","mode":"managed","type":"aws_eip","name":"this","provider_config_key":"aws","expressions":{"domain":{"constant_value":"vpc"},"tags":{"references":["local.common_tags","var.name_prefix"]}},"schema_version":0,"count_expression":{"references":["var.associate_eip"]}},{"address":"aws_eip_association.this","mode":"managed","type":"aws_eip_association","name":"this","provider_config_key":"aws","expressions":{"allocation_id":{"references":["aws_eip.this[0].id","aws_eip.this[0]","aws_eip.this"]},"instance_id":{"references":["aws_instance.squid.id","aws_instance.squid"]}},"schema_version":0,"count_expression":{"references":["var.associate_eip"]}},{"address":"aws_iam_instance_profile.ec2","mode":"managed","type":"aws_iam_instance_profile","name":"ec2","provider_config_key":"aws","expressions":{"name_prefix":{"references":["var.name_prefix"]},"role":{"references":["aws_iam_role.ec2.name","aws_iam_role.ec2"]},"tags":{"references":["local.common_tags"]}},"schema_version":0},{"address":"aws_iam_role.ec2","mode":"managed","type":"aws_iam_role","name":"ec2","provider_config_key":"aws","expressions":{"assume_role_policy":{},"name_prefix":{"references":["var.name_prefix"]},"tags":{"references":["local.common_tags"]}},"schema_version":0},{"address":"aws_iam_role_policy_attachment.ssm","mode":"managed","type":"aws_iam_role_policy_attachment","name":"ssm","provider_config_key":"aws","expressions":{"policy_arn":{"constant_value":"arn:aws:iam::aws:policy/AmazonSSMManagedInstanceCore"},"role":{"references":["aws_iam_role.ec2.name","aws_iam_role.ec2"]}},"schema_version":0},{"address":"aws_instance.squid","mode":"managed","type":"aws_instance","name":"squid","provider_config_key":"aws","expressions":{"ami":{"references":["data.aws_ami.al2.id","data.aws_ami.al2"]},"associate_public_ip_address":{"constant_value":true},"iam_instance_profile":{"references":["aws_iam_instance_profile.ec2.name","aws_iam_instance_profile.ec2"]},"instance_type":{"references":["var.instance_type"]},"key_name":{"references":["var.public_key_path","aws_key_pair.this[0].key_name","aws_key_pair.this[0]","aws_key_pair.this"]},"metadata_options":[{"http_endpoint":{"constant_value":"enabled"},"http_tokens":{"constant_value":"required"}}],"root_block_device":[{"encrypted":{"constant_value":true},"volume_size":{"constant_value":8},"volume_type":{"constant_value":"gp3"}}],"subnet_id":{"references":["aws_subnet.public.id","aws_subnet.public"]},"tags":{"references":["local.common_tags","var.name_prefix"]},"user_data":{"references":["local.user_data"]},"vpc_security_group_ids":{"references":["aws_security_group.squid.id","aws_security_group.squid"]}},"schema_version":2},{"address":"aws_internet_gateway.this","mode":"managed","type":"aws_internet_gateway","name":"this","provider_config_key":"aws","expressions":{"tags":{"references":["local.common_tags","var.name_prefix"]},"vpc_id":{"references":["aws_vpc.this.id","aws_vpc.this"]}},"schema_version":0},{"address":"aws_key_pair.this","mode":"managed","type":"aws_key_pair","name":"this","provider_config_key":"aws","expressions":{"key_name":{"references":["var.key_pair_name"]},"public_key":{"references":["var.public_key_path"]},"tags":{"references":["local.common_tags"]}},"schema_version":1,"count_expression":{"references":["var.public_key_path"]}},{"address":"aws_route_table.public","mode":"managed","type":"aws_route_table","name":"public","provider_config_key":"aws","expressions":{"route":{"references":["aws_internet_gateway.this.id","aws_internet_gateway.this"]},"tags":{"references":["local.common_tags","var.name_prefix"]},"vpc_id":{"references":["aws_vpc.this.id","aws_vpc.this"]}},"schema_version":0},{"address":"aws_route_table_association.public","mode":"managed","type":"aws_route_table_association","name":"public","provider_config_key":"aws","expressions":{"route_table_id":{"references":["aws_route_table.public.id","aws_route_table.public"]},"subnet_id":{"references":["aws_subnet.public.id","aws_subnet.public"]}},"schema_version":0},{"address":"aws_security_group.squid","mode":"managed","type":"aws_security_group","name":"squid","provider_config_key":"aws","expressions":{"description":{"constant_value":"Security group for Squid proxy"},"egress":{"constant_value":[{"cidr_blocks":["0.0.0.0/0"],"description":"Allow all egress","from_port":0,"ipv6_cidr_blocks":null,"prefix_list_ids":null,"protocol":"-1","security_groups":null,"self":null,"to_port":0}]},"ingress":{"references":["var.allowed_proxy_cidr"]},"name":{"references":["var.name_prefix"]},"tags":{"references":["local.common_tags","var.name_prefix"]},"vpc_id":{"references":["aws_vpc.this.id","aws_vpc.this"]}},"schema_version":1},{"address":"aws_subnet.public","mode":"managed","type":"aws_subnet","name":"public","provider_config_key":"aws","expressions":{"availability_zone":{"references":["local.az"]},"cidr_block":{"references":["var.public_subnet_cidr"]},"map_public_ip_on_launch":{"constant_value":true},"tags":{"references":["local.common_tags","var.name_prefix","local.az"]},"vpc_id":{"references":["aws_vpc.this.id","aws_vpc.this"]}},"schema_version":1},{"address":"aws_vpc.this","mode":"managed","type":"aws_vpc","name":"this","provider_config_key":"aws","expressions":{"cidr_block":{"references":["var.vpc_cidr"]},"enable_dns_hostnames":{"constant_value":true},"enable_dns_support":{"constant_value":true},"tags":{"references":["local.common_tags","var.name_prefix"]}},"schema_version":1},{"address":"data.aws_ami.al2","mode":"data","type":"aws_ami","name":"al2","provider_config_key":"aws","expressions":{"filter":[{"name":{"constant_value":"name"},"values":{"constant_value":["amzn2-ami-hvm-*-x86_64-gp2"]}},{"name":{"constant_value":"state"},"values":{"constant_value":["available"]}}],"most_recent":{"constant_value":true},"owners":{"constant_value":["amazon"]}},"schema_version":0},{"address":"data.aws_availability_zones.available","mode":"data","type":"aws_availability_zones","name":"available","provider_config_key":"aws","expressions":{"state":{"constant_value":"available"}},"schema_version":0}],"variables":{"allowed_proxy_cidr":{"description":"Client public IP/CIDR allowed to access Squid on port 3128 (e.g., 203.0.113.10/32). Must match squid.conf ACL intent."},"allowed_ssh_cidr":{"default":null,"description":"Optional admin public IP/CIDR allowed to SSH (22). Set to null to disable SSH ingress."},"associate_eip":{"default":false,"description":"Whether to allocate and associate an Elastic IP to the instance (stable public IP)."},"aws_region":{"default":"ap-northeast-1","description":"AWS region to deploy into."},"instance_type":{"default":"t3.micro","description":"EC2 instance type for the Squid proxy."},"key_pair_name":{"default":"my-net-keypair","description":"EC2 key pair name to create/use."},"name_prefix":{"default":"squid-proxy","description":"Prefix used for naming/tagging resources."},"public_key_path":{"default":null,"description":"Path to an SSH public key to register as an EC2 key pair. If null, no key pair is created and SSH should be disabled."},"public_subnet_cidr":{"default":"10.0.1.0/24","description":"CIDR block for the public subnet."},"squid_conf_path":{"default":"../source/config/squid.conf","description":"Path to squid.conf to install on the instance."},"tags":{"default":{},"description":"Additional tags to apply to resources."},"vpc_cidr":{"default":"10.0.0.0/16","description":"CIDR block for the VPC."}}}},"relevant_attributes":[{"resource":"aws_instance.squid","attribute":["id"]},{"resource":"aws_instance.squid","attribute":["public_dns"]},{"resource":"data.aws_availability_zones.available","attribute":["names",0]},{"resource":"aws_instance.squid","attribute":["public_ip"]},{"resource":"aws_iam_instance_profile.ec2","attribute":["name"]},{"resource":"aws_route_table.public","attribute":["id"]},{"resource":"aws_vpc.this","attribute":["id"]},{"resource":"aws_eip.this[0]","attribute":["public_ip"]},{"resource":"aws_key_pair.this[0]","attribute":["key_name"]},{"resource":"aws_security_group.squid","attribute":["id"]},{"resource":"aws_iam_role.ec2","attribute":["name"]},{"resource":"aws_internet_gateway.this","attribute":["id"]},{"resource":"data.aws_ami.al2","attribute":["id"]},{"resource":"aws_subnet.public","attribute":["id"]}],"timestamp":"2026-01-27T00:55:03Z","applyable":true,"complete":true,"errored":false}
