{
  "version": 4,
  "terraform_version": "1.13.5",
  "serial": 1,
  "lineage": "02887eb4-bd58-7ab0-fb45-d1cca344f149",
  "outputs": {},
  "resources": [
    {
      "mode": "managed",
      "type": "random_id",
      "name": "suffix",
      "provider": "provider[\"registry.terraform.io/hashicorp/random\"]",
      "instances": [
        {
          "schema_version": 0,
          "attributes": {
            "b64_std": "sIWLrg==",
            "b64_url": "sIWLrg",
            "byte_length": 4,
            "dec": "2961542062",
            "hex": "b0858bae",
            "id": "sIWLrg",
            "keepers": null,
            "prefix": null
          },
          "sensitive_attributes": [],
          "identity_schema_version": 0
        }
      ]
    }
  ],
  "check_results": null
}
