{
  "version": 4,
  "terraform_version": "1.13.5",
  "serial": 1,
  "lineage": "7caf7597-fb25-ed76-9379-de023e925fda",
  "outputs": {},
  "resources": [
    {
      "mode": "data",
      "type": "aws_secretsmanager_secret",
      "name": "api_key",
      "provider": "provider[\"registry.terraform.io/hashicorp/aws\"]",
      "instances": []
    },
    {
      "mode": "managed",
      "type": "aws_s3_bucket",
      "name": "artifacts",
      "provider": "provider[\"registry.terraform.io/hashicorp/aws\"]",
      "instances": []
    },
    {
      "mode": "managed",
      "type": "aws_secretsmanager_secret",
      "name": "api_key",
      "provider": "provider[\"registry.terraform.io/hashicorp/aws\"]",
      "instances": [
        {
          "index_key": 0,
          "schema_version": 0,
          "attributes": {
            "arn": "arn:aws:secretsmanager:us-east-1:000000000000:secret:ai-basis-tf-vPRGVZ",
            "description": "",
            "force_overwrite_replica_secret": false,
            "id": "arn:aws:secretsmanager:us-east-1:000000000000:secret:ai-basis-tf-vPRGVZ",
            "kms_key_id": "",
            "name": "ai-basis-tf",
            "name_prefix": "",
            "policy": "",
            "recovery_window_in_days": 30,
            "region": "us-east-1",
            "replica": [],
            "tags": {
              "Managed": "terraform",
              "Name": "python-weather-app-api-key",
              "Project": "python-weather-app"
            },
            "tags_all": {
              "Managed": "terraform",
              "Name": "python-weather-app-api-key",
              "Project": "python-weather-app"
            }
          },
          "sensitive_attributes": [],
          "identity_schema_version": 0,
          "identity": {
            "arn": "arn:aws:secretsmanager:us-east-1:000000000000:secret:ai-basis-tf-vPRGVZ"
          },
          "private": "bnVsbA=="
        }
      ]
    }
  ],
  "check_results": null
}
