data.archive_file.lambda_dummy: Reading...
data.archive_file.lambda_dummy: Read complete after 0s [id=58e93fade67637870be5af38eff8d5aa66c7da49]
data.aws_iam_policy_document.lambda_assume_role: Reading...
data.aws_iam_policy_document.lambda_assume_role: Read complete after 0s [id=2690255455]

Terraform used the selected providers to generate the following execution
plan. Resource actions are indicated with the following symbols:
  + create
 <= read (data resources)

Terraform will perform the following actions:

  # data.aws_iam_policy_document.lambda_s3_read will be read during apply
  # (config refers to values not yet known)
 <= data "aws_iam_policy_document" "lambda_s3_read" {
      + id            = (known after apply)
      + json          = (known after apply)
      + minified_json = (known after apply)

      + statement {
          + actions   = [
              + "s3:GetObject",
            ]
          + resources = [
              + (known after apply),
            ]
        }
    }

  # aws_cloudwatch_log_group.lambda will be created
  + resource "aws_cloudwatch_log_group" "lambda" {
      + arn                         = (known after apply)
      + deletion_protection_enabled = (known after apply)
      + id                          = (known after apply)
      + log_group_class             = (known after apply)
      + name                        = "/aws/lambda/rust-lambda-function"
      + name_prefix                 = (known after apply)
      + region                      = "us-east-1"
      + retention_in_days           = 14
      + skip_destroy                = false
      + tags_all                    = (known after apply)
    }

  # aws_iam_role.lambda_exec will be created
  + resource "aws_iam_role" "lambda_exec" {
      + arn                   = (known after apply)
      + assume_role_policy    = jsonencode(
            {
              + Statement = [
                  + {
                      + Action    = "sts:AssumeRole"
                      + Effect    = "Allow"
                      + Principal = {
                          + Service = "lambda.amazonaws.com"
                        }
                    },
                ]
              + Version   = "2012-10-17"
            }
        )
      + create_date           = (known after apply)
      + force_detach_policies = false
      + id                    = (known after apply)
      + managed_policy_arns   = (known after apply)
      + max_session_duration  = 3600
      + name                  = (known after apply)
      + name_prefix           = (known after apply)
      + path                  = "/"
      + tags_all              = (known after apply)
      + unique_id             = (known after apply)

      + inline_policy (known after apply)
    }

  # aws_iam_role_policy.lambda_s3_read will be created
  + resource "aws_iam_role_policy" "lambda_s3_read" {
      + id          = (known after apply)
      + name        = (known after apply)
      + name_prefix = (known after apply)
      + policy      = (known after apply)
      + role        = (known after apply)
    }

  # aws_iam_role_policy_attachment.lambda_basic_execution will be created
  + resource "aws_iam_role_policy_attachment" "lambda_basic_execution" {
      + id         = (known after apply)
      + policy_arn = "arn:aws:iam::aws:policy/service-role/AWSLambdaBasicExecutionRole"
      + role       = (known after apply)
    }

  # aws_lambda_function.rust_lambda will be created
  + resource "aws_lambda_function" "rust_lambda" {
      + architectures                  = (known after apply)
      + arn                            = (known after apply)
      + code_sha256                    = (known after apply)
      + function_name                  = "rust-lambda-function"
      + handler                        = "bootstrap"
      + id                             = (known after apply)
      + invoke_arn                     = (known after apply)
      + last_modified                  = (known after apply)
      + memory_size                    = 128
      + package_type                   = "Zip"
      + publish                        = false
      + qualified_arn                  = (known after apply)
      + qualified_invoke_arn           = (known after apply)
      + region                         = "us-east-1"
      + reserved_concurrent_executions = -1
      + response_streaming_invoke_arn  = (known after apply)
      + role                           = (known after apply)
      + runtime                        = "provided.al2"
      + s3_bucket                      = (known after apply)
      + s3_key                         = "lambda.zip"
      + signing_job_arn                = (known after apply)
      + signing_profile_version_arn    = (known after apply)
      + skip_destroy                   = false
      + source_code_hash               = "wmbalFzzY/wG3ivChKElOZB3+B4gptmQyIat05p+fU4="
      + source_code_size               = (known after apply)
      + tags_all                       = (known after apply)
      + timeout                        = 3
      + version                        = (known after apply)

      + environment {
          + variables = {
              + "RUST_BACKTRACE" = "1"
            }
        }

      + ephemeral_storage (known after apply)

      + logging_config (known after apply)

      + tracing_config (known after apply)
    }

  # aws_s3_bucket.lambda_artifacts will be created
  + resource "aws_s3_bucket" "lambda_artifacts" {
      + acceleration_status         = (known after apply)
      + acl                         = (known after apply)
      + arn                         = (known after apply)
      + bucket                      = (known after apply)
      + bucket_domain_name          = (known after apply)
      + bucket_prefix               = (known after apply)
      + bucket_region               = (known after apply)
      + bucket_regional_domain_name = (known after apply)
      + force_destroy               = true
      + hosted_zone_id              = (known after apply)
      + id                          = (known after apply)
      + object_lock_enabled         = (known after apply)
      + policy                      = (known after apply)
      + region                      = "us-east-1"
      + request_payer               = (known after apply)
      + tags                        = {
          + "Name" = "LambdaArtifacts"
        }
      + tags_all                    = {
          + "Name" = "LambdaArtifacts"
        }
      + website_domain              = (known after apply)
      + website_endpoint            = (known after apply)

      + cors_rule (known after apply)

      + grant (known after apply)

      + lifecycle_rule (known after apply)

      + logging (known after apply)

      + object_lock_configuration (known after apply)

      + replication_configuration (known after apply)

      + server_side_encryption_configuration (known after apply)

      + versioning (known after apply)

      + website (known after apply)
    }

  # aws_s3_bucket_public_access_block.lambda_artifacts will be created
  + resource "aws_s3_bucket_public_access_block" "lambda_artifacts" {
      + block_public_acls       = true
      + block_public_policy     = true
      + bucket                  = (known after apply)
      + id                      = (known after apply)
      + ignore_public_acls      = true
      + region                  = "us-east-1"
      + restrict_public_buckets = true
    }

  # aws_s3_bucket_versioning.lambda_artifacts will be created
  + resource "aws_s3_bucket_versioning" "lambda_artifacts" {
      + bucket = (known after apply)
      + id     = (known after apply)
      + region = "us-east-1"

      + versioning_configuration {
          + mfa_delete = (known after apply)
          + status     = "Enabled"
        }
    }

  # random_id.suffix will be created
  + resource "random_id" "suffix" {
      + b64_std     = (known after apply)
      + b64_url     = (known after apply)
      + byte_length = 4
      + dec         = (known after apply)
      + hex         = (known after apply)
      + id          = (known after apply)
    }

Plan: 9 to add, 0 to change, 0 to destroy.

Changes to Outputs:
  + lambda_function_arn  = (known after apply)
  + lambda_function_name = "rust-lambda-function"
  + lambda_invoke_arn    = (known after apply)
  + lambda_s3_bucket     = (known after apply)
random_id.suffix: Creating...
random_id.suffix: Creation complete after 0s [id=qDTbkA]
aws_iam_role.lambda_exec: Creating...
aws_s3_bucket.lambda_artifacts: Creating...
aws_iam_role.lambda_exec: Creation complete after 0s [id=lambda_exec_role-a834db90]
aws_iam_role_policy_attachment.lambda_basic_execution: Creating...
aws_iam_role_policy_attachment.lambda_basic_execution: Creation complete after 0s [id=lambda_exec_role-a834db90/arn:aws:iam::aws:policy/service-role/AWSLambdaBasicExecutionRole]
aws_s3_bucket.lambda_artifacts: Still creating... [00m10s elapsed]
aws_s3_bucket.lambda_artifacts: Still creating... [00m20s elapsed]
aws_s3_bucket.lambda_artifacts: Still creating... [00m30s elapsed]
aws_s3_bucket.lambda_artifacts: Still creating... [00m40s elapsed]
aws_s3_bucket.lambda_artifacts: Still creating... [00m50s elapsed]
aws_s3_bucket.lambda_artifacts: Still creating... [01m00s elapsed]
aws_s3_bucket.lambda_artifacts: Still creating... [01m10s elapsed]
aws_s3_bucket.lambda_artifacts: Still creating... [01m20s elapsed]
aws_s3_bucket.lambda_artifacts: Still creating... [01m30s elapsed]
aws_s3_bucket.lambda_artifacts: Still creating... [01m40s elapsed]
aws_s3_bucket.lambda_artifacts: Still creating... [01m50s elapsed]
aws_s3_bucket.lambda_artifacts: Still creating... [02m00s elapsed]
aws_s3_bucket.lambda_artifacts: Still creating... [02m10s elapsed]
aws_s3_bucket.lambda_artifacts: Still creating... [02m20s elapsed]
aws_s3_bucket.lambda_artifacts: Still creating... [02m30s elapsed]
aws_s3_bucket.lambda_artifacts: Still creating... [02m40s elapsed]
aws_s3_bucket.lambda_artifacts: Still creating... [02m50s elapsed]
aws_s3_bucket.lambda_artifacts: Still creating... [03m00s elapsed]
aws_s3_bucket.lambda_artifacts: Still creating... [03m10s elapsed]
aws_s3_bucket.lambda_artifacts: Still creating... [03m20s elapsed]
aws_s3_bucket.lambda_artifacts: Still creating... [03m30s elapsed]
aws_s3_bucket.lambda_artifacts: Still creating... [03m40s elapsed]
aws_s3_bucket.lambda_artifacts: Still creating... [03m50s elapsed]
aws_s3_bucket.lambda_artifacts: Still creating... [04m00s elapsed]
aws_s3_bucket.lambda_artifacts: Still creating... [04m10s elapsed]
aws_s3_bucket.lambda_artifacts: Still creating... [04m20s elapsed]
aws_s3_bucket.lambda_artifacts: Still creating... [04m30s elapsed]
aws_s3_bucket.lambda_artifacts: Still creating... [04m40s elapsed]
aws_s3_bucket.lambda_artifacts: Still creating... [04m50s elapsed]
aws_s3_bucket.lambda_artifacts: Still creating... [05m00s elapsed]
aws_s3_bucket.lambda_artifacts: Still creating... [05m10s elapsed]
aws_s3_bucket.lambda_artifacts: Still creating... [05m20s elapsed]
aws_s3_bucket.lambda_artifacts: Still creating... [05m30s elapsed]
aws_s3_bucket.lambda_artifacts: Still creating... [05m40s elapsed]
