data.aws_iam_policy_document.assume_role: Reading...
data.aws_iam_policy_document.assume_role: Read complete after 0s [id=729565498]

Terraform used the selected providers to generate the following execution
plan. Resource actions are indicated with the following symbols:
  + create

Terraform will perform the following actions:

  # aws_iam_policy.assume_role_policy will be created
  + resource "aws_iam_policy" "assume_role_policy" {
      + arn              = (known after apply)
      + attachment_count = (known after apply)
      + description      = "Allow assuming the energi-node-role."
      + id               = (known after apply)
      + name             = "energi-node-assume-role-policy"
      + name_prefix      = (known after apply)
      + path             = "/"
      + policy           = jsonencode(
            {
              + Statement = [
                  + {
                      + Action    = "sts:AssumeRole"
                      + Effect    = "Allow"
                      + Principal = {
                          + AWS = "*"
                        }
                    },
                ]
              + Version   = "2012-10-17"
            }
        )
      + policy_id        = (known after apply)
      + tags_all         = (known after apply)
    }

  # aws_iam_role.app_role will be created
  + resource "aws_iam_role" "app_role" {
      + arn                   = (known after apply)
      + assume_role_policy    = jsonencode(
            {
              + Statement = [
                  + {
                      + Action    = "sts:AssumeRole"
                      + Effect    = "Allow"
                      + Principal = {
                          + AWS = "*"
                        }
                    },
                ]
              + Version   = "2012-10-17"
            }
        )
      + create_date           = (known after apply)
      + force_detach_policies = false
      + id                    = (known after apply)
      + managed_policy_arns   = (known after apply)
      + max_session_duration  = 3600
      + name                  = "energi-node-role"
      + name_prefix           = (known after apply)
      + path                  = "/"
      + tags                  = {
          + "Name" = "energi-node"
        }
      + tags_all              = {
          + "Name" = "energi-node"
        }
      + unique_id             = (known after apply)

      + inline_policy (known after apply)
    }

  # aws_iam_role_policy_attachment.assume_role_attach will be created
  + resource "aws_iam_role_policy_attachment" "assume_role_attach" {
      + id         = (known after apply)
      + policy_arn = (known after apply)
      + role       = "energi-node-role"
    }

  # aws_s3_bucket.artifacts will be created
  + resource "aws_s3_bucket" "artifacts" {
      + acceleration_status         = (known after apply)
      + acl                         = (known after apply)
      + arn                         = (known after apply)
      + bucket                      = (known after apply)
      + bucket_domain_name          = (known after apply)
      + bucket_prefix               = (known after apply)
      + bucket_region               = (known after apply)
      + bucket_regional_domain_name = (known after apply)
      + force_destroy               = true
      + hosted_zone_id              = (known after apply)
      + id                          = (known after apply)
      + object_lock_enabled         = (known after apply)
      + policy                      = (known after apply)
      + region                      = "us-east-1"
      + request_payer               = (known after apply)
      + tags                        = {
          + "Name" = "energi-node"
        }
      + tags_all                    = {
          + "Name" = "energi-node"
        }
      + website_domain              = (known after apply)
      + website_endpoint            = (known after apply)

      + cors_rule (known after apply)

      + grant (known after apply)

      + lifecycle_rule (known after apply)

      + logging (known after apply)

      + object_lock_configuration (known after apply)

      + replication_configuration (known after apply)

      + server_side_encryption_configuration (known after apply)

      + versioning (known after apply)

      + website (known after apply)
    }

  # random_pet.bucket_name will be created
  + resource "random_pet" "bucket_name" {
      + id        = (known after apply)
      + length    = 2
      + separator = "-"
    }

Plan: 5 to add, 0 to change, 0 to destroy.

Changes to Outputs:
  + iam_role_name  = "energi-node-role"
  + s3_bucket_name = (known after apply)
random_pet.bucket_name: Creating...
random_pet.bucket_name: Creation complete after 0s [id=closing-yak]
aws_iam_policy.assume_role_policy: Creating...
aws_iam_role.app_role: Creating...
aws_s3_bucket.artifacts: Creating...
aws_iam_role.app_role: Creation complete after 1s [id=energi-node-role]
aws_s3_bucket.artifacts: Still creating... [00m10s elapsed]
aws_s3_bucket.artifacts: Still creating... [00m20s elapsed]
aws_s3_bucket.artifacts: Still creating... [00m30s elapsed]
aws_s3_bucket.artifacts: Still creating... [00m40s elapsed]
aws_s3_bucket.artifacts: Still creating... [00m50s elapsed]
aws_s3_bucket.artifacts: Still creating... [01m00s elapsed]
aws_s3_bucket.artifacts: Still creating... [01m10s elapsed]
aws_s3_bucket.artifacts: Still creating... [01m20s elapsed]
aws_s3_bucket.artifacts: Still creating... [01m30s elapsed]
aws_s3_bucket.artifacts: Still creating... [01m40s elapsed]
aws_s3_bucket.artifacts: Still creating... [01m50s elapsed]
aws_s3_bucket.artifacts: Still creating... [02m00s elapsed]
aws_s3_bucket.artifacts: Still creating... [02m10s elapsed]
aws_s3_bucket.artifacts: Still creating... [02m20s elapsed]
aws_s3_bucket.artifacts: Still creating... [02m30s elapsed]
aws_s3_bucket.artifacts: Still creating... [02m40s elapsed]
aws_s3_bucket.artifacts: Still creating... [02m50s elapsed]
aws_s3_bucket.artifacts: Still creating... [03m00s elapsed]
aws_s3_bucket.artifacts: Still creating... [03m10s elapsed]
aws_s3_bucket.artifacts: Still creating... [03m20s elapsed]
aws_s3_bucket.artifacts: Still creating... [03m30s elapsed]
aws_s3_bucket.artifacts: Still creating... [03m40s elapsed]
aws_s3_bucket.artifacts: Still creating... [03m50s elapsed]
aws_s3_bucket.artifacts: Still creating... [04m00s elapsed]
aws_s3_bucket.artifacts: Still creating... [04m10s elapsed]
aws_s3_bucket.artifacts: Still creating... [04m20s elapsed]
aws_s3_bucket.artifacts: Still creating... [04m30s elapsed]
aws_s3_bucket.artifacts: Still creating... [04m40s elapsed]
aws_s3_bucket.artifacts: Still creating... [04m50s elapsed]
aws_s3_bucket.artifacts: Still creating... [05m00s elapsed]
aws_s3_bucket.artifacts: Still creating... [05m10s elapsed]
aws_s3_bucket.artifacts: Still creating... [05m20s elapsed]
aws_s3_bucket.artifacts: Still creating... [05m30s elapsed]
aws_s3_bucket.artifacts: Still creating... [05m40s elapsed]
aws_s3_bucket.artifacts: Still creating... [05m50s elapsed]
aws_s3_bucket.artifacts: Still creating... [06m00s elapsed]
aws_s3_bucket.artifacts: Still creating... [06m10s elapsed]
aws_s3_bucket.artifacts: Still creating... [06m20s elapsed]
aws_s3_bucket.artifacts: Still creating... [06m30s elapsed]
aws_s3_bucket.artifacts: Still creating... [06m40s elapsed]
aws_s3_bucket.artifacts: Still creating... [06m50s elapsed]
aws_s3_bucket.artifacts: Still creating... [07m00s elapsed]
aws_s3_bucket.artifacts: Still creating... [07m10s elapsed]
aws_s3_bucket.artifacts: Still creating... [07m20s elapsed]
aws_s3_bucket.artifacts: Still creating... [07m30s elapsed]
aws_s3_bucket.artifacts: Still creating... [07m40s elapsed]
aws_s3_bucket.artifacts: Still creating... [07m50s elapsed]
aws_s3_bucket.artifacts: Still creating... [08m00s elapsed]
aws_s3_bucket.artifacts: Still creating... [08m10s elapsed]
aws_s3_bucket.artifacts: Still creating... [08m20s elapsed]
aws_s3_bucket.artifacts: Still creating... [08m30s elapsed]
aws_s3_bucket.artifacts: Still creating... [08m40s elapsed]
aws_s3_bucket.artifacts: Still creating... [08m50s elapsed]
aws_s3_bucket.artifacts: Still creating... [09m00s elapsed]
aws_s3_bucket.artifacts: Still creating... [09m10s elapsed]
aws_s3_bucket.artifacts: Still creating... [09m20s elapsed]
aws_s3_bucket.artifacts: Still creating... [09m30s elapsed]
aws_s3_bucket.artifacts: Still creating... [09m40s elapsed]
aws_s3_bucket.artifacts: Still creating... [09m50s elapsed]
aws_s3_bucket.artifacts: Still creating... [10m00s elapsed]
aws_s3_bucket.artifacts: Still creating... [10m10s elapsed]
aws_s3_bucket.artifacts: Still creating... [10m20s elapsed]
aws_s3_bucket.artifacts: Still creating... [10m30s elapsed]
aws_s3_bucket.artifacts: Still creating... [10m40s elapsed]
aws_s3_bucket.artifacts: Still creating... [10m50s elapsed]
aws_s3_bucket.artifacts: Still creating... [11m00s elapsed]
aws_s3_bucket.artifacts: Still creating... [11m10s elapsed]
aws_s3_bucket.artifacts: Still creating... [11m20s elapsed]
aws_s3_bucket.artifacts: Still creating... [11m30s elapsed]
aws_s3_bucket.artifacts: Still creating... [11m40s elapsed]
aws_s3_bucket.artifacts: Still creating... [11m50s elapsed]
aws_s3_bucket.artifacts: Still creating... [12m00s elapsed]
aws_s3_bucket.artifacts: Still creating... [12m10s elapsed]
aws_s3_bucket.artifacts: Still creating... [12m20s elapsed]
aws_s3_bucket.artifacts: Still creating... [12m30s elapsed]
aws_s3_bucket.artifacts: Still creating... [12m40s elapsed]
aws_s3_bucket.artifacts: Still creating... [12m50s elapsed]
aws_s3_bucket.artifacts: Still creating... [13m00s elapsed]
aws_s3_bucket.artifacts: Still creating... [13m10s elapsed]
aws_s3_bucket.artifacts: Still creating... [13m20s elapsed]
aws_s3_bucket.artifacts: Still creating... [13m30s elapsed]
aws_s3_bucket.artifacts: Still creating... [13m40s elapsed]
aws_s3_bucket.artifacts: Still creating... [13m50s elapsed]
aws_s3_bucket.artifacts: Still creating... [14m00s elapsed]
aws_s3_bucket.artifacts: Still creating... [14m10s elapsed]
aws_s3_bucket.artifacts: Still creating... [14m20s elapsed]
aws_s3_bucket.artifacts: Still creating... [14m30s elapsed]
aws_s3_bucket.artifacts: Still creating... [14m40s elapsed]
aws_s3_bucket.artifacts: Still creating... [14m50s elapsed]
aws_s3_bucket.artifacts: Still creating... [15m00s elapsed]
aws_s3_bucket.artifacts: Still creating... [15m10s elapsed]
aws_s3_bucket.artifacts: Still creating... [15m20s elapsed]
aws_s3_bucket.artifacts: Still creating... [15m30s elapsed]
aws_s3_bucket.artifacts: Still creating... [15m40s elapsed]
aws_s3_bucket.artifacts: Still creating... [15m50s elapsed]
aws_s3_bucket.artifacts: Still creating... [16m00s elapsed]
aws_s3_bucket.artifacts: Still creating... [16m10s elapsed]
aws_s3_bucket.artifacts: Still creating... [16m20s elapsed]
aws_s3_bucket.artifacts: Still creating... [16m30s elapsed]
aws_s3_bucket.artifacts: Still creating... [16m40s elapsed]
aws_s3_bucket.artifacts: Still creating... [16m50s elapsed]
aws_s3_bucket.artifacts: Still creating... [17m00s elapsed]
aws_s3_bucket.artifacts: Still creating... [17m10s elapsed]
aws_s3_bucket.artifacts: Still creating... [17m20s elapsed]
aws_s3_bucket.artifacts: Still creating... [17m30s elapsed]
aws_s3_bucket.artifacts: Still creating... [17m40s elapsed]
aws_s3_bucket.artifacts: Still creating... [17m50s elapsed]
aws_s3_bucket.artifacts: Still creating... [18m00s elapsed]
aws_s3_bucket.artifacts: Still creating... [18m10s elapsed]
aws_s3_bucket.artifacts: Still creating... [18m20s elapsed]
aws_s3_bucket.artifacts: Still creating... [18m30s elapsed]
aws_s3_bucket.artifacts: Still creating... [18m40s elapsed]
aws_s3_bucket.artifacts: Still creating... [18m50s elapsed]
aws_s3_bucket.artifacts: Still creating... [19m00s elapsed]
aws_s3_bucket.artifacts: Still creating... [19m10s elapsed]
aws_s3_bucket.artifacts: Still creating... [19m20s elapsed]
aws_s3_bucket.artifacts: Still creating... [19m30s elapsed]
aws_s3_bucket.artifacts: Still creating... [19m40s elapsed]
aws_s3_bucket.artifacts: Still creating... [19m50s elapsed]
aws_s3_bucket.artifacts: Still creating... [20m00s elapsed]
aws_s3_bucket.artifacts: Still creating... [20m10s elapsed]
aws_s3_bucket.artifacts: Still creating... [20m20s elapsed]
aws_s3_bucket.artifacts: Still creating... [20m30s elapsed]
aws_s3_bucket.artifacts: Still creating... [20m40s elapsed]
aws_s3_bucket.artifacts: Still creating... [20m50s elapsed]
aws_s3_bucket.artifacts: Still creating... [21m00s elapsed]
aws_s3_bucket.artifacts: Still creating... [21m10s elapsed]
aws_s3_bucket.artifacts: Still creating... [21m20s elapsed]
aws_s3_bucket.artifacts: Still creating... [21m30s elapsed]
aws_s3_bucket.artifacts: Still creating... [21m40s elapsed]
aws_s3_bucket.artifacts: Still creating... [21m50s elapsed]
aws_s3_bucket.artifacts: Still creating... [22m00s elapsed]
aws_s3_bucket.artifacts: Still creating... [22m10s elapsed]
aws_s3_bucket.artifacts: Still creating... [22m20s elapsed]
aws_s3_bucket.artifacts: Still creating... [22m30s elapsed]
aws_s3_bucket.artifacts: Still creating... [22m40s elapsed]
aws_s3_bucket.artifacts: Still creating... [22m50s elapsed]
aws_s3_bucket.artifacts: Still creating... [23m00s elapsed]
aws_s3_bucket.artifacts: Still creating... [23m10s elapsed]
aws_s3_bucket.artifacts: Still creating... [23m20s elapsed]
aws_s3_bucket.artifacts: Still creating... [23m30s elapsed]
aws_s3_bucket.artifacts: Still creating... [23m40s elapsed]
aws_s3_bucket.artifacts: Still creating... [23m50s elapsed]
aws_s3_bucket.artifacts: Still creating... [24m00s elapsed]
aws_s3_bucket.artifacts: Still creating... [24m10s elapsed]
aws_s3_bucket.artifacts: Still creating... [24m20s elapsed]
aws_s3_bucket.artifacts: Still creating... [24m30s elapsed]
aws_s3_bucket.artifacts: Still creating... [24m40s elapsed]
aws_s3_bucket.artifacts: Still creating... [24m50s elapsed]
aws_s3_bucket.artifacts: Still creating... [25m00s elapsed]
aws_s3_bucket.artifacts: Still creating... [25m10s elapsed]
aws_s3_bucket.artifacts: Still creating... [25m20s elapsed]
aws_s3_bucket.artifacts: Still creating... [25m30s elapsed]
aws_s3_bucket.artifacts: Still creating... [25m40s elapsed]
aws_s3_bucket.artifacts: Still creating... [25m50s elapsed]
aws_s3_bucket.artifacts: Still creating... [26m00s elapsed]
aws_s3_bucket.artifacts: Still creating... [26m10s elapsed]
aws_s3_bucket.artifacts: Still creating... [26m20s elapsed]
aws_s3_bucket.artifacts: Still creating... [26m30s elapsed]
aws_s3_bucket.artifacts: Still creating... [26m40s elapsed]
aws_s3_bucket.artifacts: Still creating... [26m50s elapsed]
aws_s3_bucket.artifacts: Still creating... [27m00s elapsed]
aws_s3_bucket.artifacts: Still creating... [27m10s elapsed]
aws_s3_bucket.artifacts: Still creating... [27m20s elapsed]
aws_s3_bucket.artifacts: Still creating... [27m30s elapsed]
aws_s3_bucket.artifacts: Still creating... [27m40s elapsed]
aws_s3_bucket.artifacts: Still creating... [27m51s elapsed]
aws_s3_bucket.artifacts: Still creating... [28m01s elapsed]
aws_s3_bucket.artifacts: Still creating... [28m11s elapsed]
aws_s3_bucket.artifacts: Still creating... [28m21s elapsed]
aws_s3_bucket.artifacts: Still creating... [28m31s elapsed]
aws_s3_bucket.artifacts: Still creating... [28m41s elapsed]
aws_s3_bucket.artifacts: Still creating... [28m51s elapsed]
aws_s3_bucket.artifacts: Still creating... [29m01s elapsed]
aws_s3_bucket.artifacts: Still creating... [29m11s elapsed]
aws_s3_bucket.artifacts: Still creating... [29m21s elapsed]
aws_s3_bucket.artifacts: Still creating... [29m31s elapsed]
aws_s3_bucket.artifacts: Still creating... [29m41s elapsed]
aws_s3_bucket.artifacts: Still creating... [29m51s elapsed]
aws_s3_bucket.artifacts: Still creating... [30m01s elapsed]
aws_s3_bucket.artifacts: Still creating... [30m11s elapsed]
aws_s3_bucket.artifacts: Still creating... [30m21s elapsed]
aws_s3_bucket.artifacts: Still creating... [30m31s elapsed]
aws_s3_bucket.artifacts: Still creating... [30m41s elapsed]
aws_s3_bucket.artifacts: Still creating... [30m51s elapsed]
aws_s3_bucket.artifacts: Still creating... [31m01s elapsed]
