data.archive_file.lambda_dummy: Reading...
data.archive_file.lambda_dummy: Read complete after 0s [id=58e93fade67637870be5af38eff8d5aa66c7da49]
data.aws_region.current: Reading...
data.aws_iam_policy_document.assume_role: Reading...
data.aws_caller_identity.current: Reading...
data.aws_region.current: Read complete after 0s [id=us-east-1]
data.aws_iam_policy_document.assume_role: Read complete after 0s [id=2690255455]
data.aws_caller_identity.current: Read complete after 0s [id=000000000000]

Terraform used the selected providers to generate the following execution
plan. Resource actions are indicated with the following symbols:
  + create
 <= read (data resources)

Terraform planned the following actions, but then encountered a problem:

  # data.aws_iam_policy_document.lambda_inline will be read during apply
  # (config refers to values not yet known)
 <= data "aws_iam_policy_document" "lambda_inline" {
      + id            = (known after apply)
      + json          = (known after apply)
      + minified_json = (known after apply)

      + statement {
          + actions   = [
              + "dynamodb:DeleteItem",
              + "dynamodb:DescribeTable",
              + "dynamodb:GetItem",
              + "dynamodb:PutItem",
              + "dynamodb:UpdateItem",
            ]
          + effect    = "Allow"
          + resources = [
              + (known after apply),
            ]
          + sid       = "DynamoDBLocking"
        }
      + statement {
          + actions   = [
              + "s3:DeleteObject",
              + "s3:GetObject",
              + "s3:ListBucket",
              + "s3:PutObject",
            ]
          + effect    = "Allow"
          + resources = [
              + "*",
            ]
          + sid       = "S3DataLakeAccess"
        }
    }

  # aws_cloudwatch_event_rule.schedule will be created
  + resource "aws_cloudwatch_event_rule" "schedule" {
      + arn                 = (known after apply)
      + event_bus_name      = "default"
      + force_destroy       = false
      + id                  = (known after apply)
      + name                = "lambda-delta-optimize-schedule"
      + name_prefix         = (known after apply)
      + region              = "us-east-1"
      + schedule_expression = "rate(1 day)"
      + tags_all            = {
          + "Application" = "lambda-delta-optimize"
          + "ManagedBy"   = "terraform"
        }
    }

  # aws_dynamodb_table.lock will be created
  + resource "aws_dynamodb_table" "lock" {
      + arn              = (known after apply)
      + billing_mode     = "PAY_PER_REQUEST"
      + hash_key         = "key"
      + id               = (known after apply)
      + name             = "lambda-delta-optimize-lock"
      + read_capacity    = (known after apply)
      + region           = "us-east-1"
      + stream_arn       = (known after apply)
      + stream_label     = (known after apply)
      + stream_view_type = (known after apply)
      + tags_all         = {
          + "Application" = "lambda-delta-optimize"
          + "ManagedBy"   = "terraform"
        }
      + write_capacity   = (known after apply)

      + attribute {
          + name = "key"
          + type = "S"
        }

      + global_secondary_index (known after apply)

      + global_table_witness (known after apply)

      + point_in_time_recovery (known after apply)

      + server_side_encryption (known after apply)

      + ttl (known after apply)

      + warm_throughput (known after apply)
    }

  # aws_iam_role.lambda will be created
  + resource "aws_iam_role" "lambda" {
      + arn                   = (known after apply)
      + assume_role_policy    = jsonencode(
            {
              + Statement = [
                  + {
                      + Action    = "sts:AssumeRole"
                      + Effect    = "Allow"
                      + Principal = {
                          + Service = "lambda.amazonaws.com"
                        }
                    },
                ]
              + Version   = "2012-10-17"
            }
        )
      + create_date           = (known after apply)
      + force_detach_policies = false
      + id                    = (known after apply)
      + managed_policy_arns   = (known after apply)
      + max_session_duration  = 3600
      + name                  = "lambda-delta-optimize-role"
      + name_prefix           = (known after apply)
      + path                  = "/"
      + tags_all              = {
          + "Application" = "lambda-delta-optimize"
          + "ManagedBy"   = "terraform"
        }
      + unique_id             = (known after apply)

      + inline_policy (known after apply)
    }

  # aws_iam_role_policy.lambda_inline will be created
  + resource "aws_iam_role_policy" "lambda_inline" {
      + id          = (known after apply)
      + name        = "lambda-delta-optimize-inline"
      + name_prefix = (known after apply)
      + policy      = (known after apply)
      + role        = (known after apply)
    }

  # aws_iam_role_policy_attachment.basic will be created
  + resource "aws_iam_role_policy_attachment" "basic" {
      + id         = (known after apply)
      + policy_arn = "arn:aws:iam::aws:policy/service-role/AWSLambdaBasicExecutionRole"
      + role       = "lambda-delta-optimize-role"
    }

Plan: 5 to add, 0 to change, 0 to destroy.

Changes to Outputs:
  + aws_account_id           = "000000000000"
  + aws_region               = "us-east-1"
  + dynamodb_lock_table_name = "lambda-delta-optimize-lock"
