{
  "version": 4,
  "terraform_version": "1.13.5",
  "serial": 1,
  "lineage": "a3eab377-887f-041e-7160-898ea7a29e35",
  "outputs": {},
  "resources": [
    {
      "mode": "managed",
      "type": "random_id",
      "name": "suffix",
      "provider": "provider[\"registry.terraform.io/hashicorp/random\"]",
      "instances": [
        {
          "schema_version": 0,
          "attributes": {
            "b64_std": "XBPmxg==",
            "b64_url": "XBPmxg",
            "byte_length": 4,
            "dec": "1544808134",
            "hex": "5c13e6c6",
            "id": "XBPmxg",
            "keepers": null,
            "prefix": null
          },
          "sensitive_attributes": [],
          "identity_schema_version": 0
        }
      ]
    }
  ],
  "check_results": null
}
