data.aws_iam_policy_document.ecs_task_assume_role_policy: Reading...
data.aws_availability_zones.available: Reading...
data.aws_iam_policy_document.ecs_task_assume_role_policy: Read complete after 0s [id=1077804475]
data.aws_availability_zones.available: Read complete after 0s [id=us-east-1]

Terraform used the selected providers to generate the following execution
plan. Resource actions are indicated with the following symbols:
  + create

Terraform will perform the following actions:

  # aws_cloudwatch_log_group.minecraft will be created
  + resource "aws_cloudwatch_log_group" "minecraft" {
      + arn                         = (known after apply)
      + deletion_protection_enabled = (known after apply)
      + id                          = (known after apply)
      + log_group_class             = (known after apply)
      + name                        = "/ecs/minecraft"
      + name_prefix                 = (known after apply)
      + region                      = "us-east-1"
      + retention_in_days           = 14
      + skip_destroy                = false
      + tags_all                    = (known after apply)
    }

  # aws_cloudwatch_log_group.rcon will be created
  + resource "aws_cloudwatch_log_group" "rcon" {
      + arn                         = (known after apply)
      + deletion_protection_enabled = (known after apply)
      + id                          = (known after apply)
      + log_group_class             = (known after apply)
      + name                        = "/ecs/rcon"
      + name_prefix                 = (known after apply)
      + region                      = "us-east-1"
      + retention_in_days           = 14
      + skip_destroy                = false
      + tags_all                    = (known after apply)
    }

  # aws_ecs_cluster.main will be created
  + resource "aws_ecs_cluster" "main" {
      + arn      = (known after apply)
      + id       = (known after apply)
      + name     = "minecraft-cluster"
      + region   = "us-east-1"
      + tags_all = (known after apply)

      + setting (known after apply)
    }

  # aws_ecs_service.minecraft will be created
  + resource "aws_ecs_service" "minecraft" {
      + arn                                = (known after apply)
      + availability_zone_rebalancing      = (known after apply)
      + cluster                            = (known after apply)
      + deployment_maximum_percent         = 200
      + deployment_minimum_healthy_percent = 100
      + desired_count                      = 1
      + enable_ecs_managed_tags            = false
      + enable_execute_command             = false
      + iam_role                           = (known after apply)
      + id                                 = (known after apply)
      + launch_type                        = "FARGATE"
      + name                               = "minecraft-lobby"
      + platform_version                   = (known after apply)
      + region                             = "us-east-1"
      + scheduling_strategy                = "REPLICA"
      + tags_all                           = (known after apply)
      + task_definition                    = (known after apply)
      + triggers                           = (known after apply)
      + wait_for_steady_state              = false

      + deployment_configuration (known after apply)

      + network_configuration {
          + assign_public_ip = true
          + security_groups  = (known after apply)
          + subnets          = (known after apply)
        }
    }

  # aws_ecs_service.rcon will be created
  + resource "aws_ecs_service" "rcon" {
      + arn                                = (known after apply)
      + availability_zone_rebalancing      = (known after apply)
      + cluster                            = (known after apply)
      + deployment_maximum_percent         = 200
      + deployment_minimum_healthy_percent = 100
      + desired_count                      = 1
      + enable_ecs_managed_tags            = false
      + enable_execute_command             = false
      + iam_role                           = (known after apply)
      + id                                 = (known after apply)
      + launch_type                        = "FARGATE"
      + name                               = "minecraft-rcon"
      + platform_version                   = (known after apply)
      + region                             = "us-east-1"
      + scheduling_strategy                = "REPLICA"
      + tags_all                           = (known after apply)
      + task_definition                    = (known after apply)
      + triggers                           = (known after apply)
      + wait_for_steady_state              = false

      + deployment_configuration (known after apply)

      + network_configuration {
          + assign_public_ip = true
          + security_groups  = (known after apply)
          + subnets          = (known after apply)
        }
    }

  # aws_ecs_task_definition.minecraft will be created
  + resource "aws_ecs_task_definition" "minecraft" {
      + arn                      = (known after apply)
      + arn_without_revision     = (known after apply)
      + container_definitions    = jsonencode(
            [
              + {
                  + environment      = [
                      + {
                          + name  = "EULA"
                          + value = "TRUE"
                        },
                    ]
                  + essential        = true
                  + image            = "itzg/minecraft-server:latest"
                  + logConfiguration = {
                      + logDriver = "awslogs"
                      + options   = {
                          + awslogs-group         = "/ecs/minecraft"
                          + awslogs-region        = "us-east-1"
                          + awslogs-stream-prefix = "minecraft"
                        }
                    }
                  + mountPoints      = [
                      + {
                          + containerPath = "/data"
                          + sourceVolume  = "minecraft-data"
                        },
                    ]
                  + name             = "minecraft-lobby"
                  + portMappings     = [
                      + {
                          + containerPort = 25565
                          + hostPort      = 25565
                          + protocol      = "tcp"
                        },
                    ]
                },
            ]
        )
      + cpu                      = "1024"
      + enable_fault_injection   = (known after apply)
      + execution_role_arn       = (known after apply)
      + family                   = "minecraft-lobby"
      + id                       = (known after apply)
      + memory                   = "2048"
      + network_mode             = "awsvpc"
      + region                   = "us-east-1"
      + requires_compatibilities = [
          + "FARGATE",
        ]
      + revision                 = (known after apply)
      + skip_destroy             = false
      + tags_all                 = (known after apply)
      + track_latest             = false

      + volume {
          + configure_at_launch = (known after apply)
          + name                = "minecraft-data"
            # (1 unchanged attribute hidden)

          + efs_volume_configuration {
              + file_system_id          = (known after apply)
              + root_directory          = "/"
              + transit_encryption      = "ENABLED"
              + transit_encryption_port = 0

              + authorization_config {
                  + iam             = "DISABLED"
                    # (1 unchanged attribute hidden)
                }
            }
        }
    }

  # aws_ecs_task_definition.rcon will be created
  + resource "aws_ecs_task_definition" "rcon" {
      + arn                      = (known after apply)
      + arn_without_revision     = (known after apply)
      + container_definitions    = jsonencode(
            [
              + {
                  + essential        = true
                  + image            = "itzg/rcon:latest"
                  + logConfiguration = {
                      + logDriver = "awslogs"
                      + options   = {
                          + awslogs-group         = "/ecs/rcon"
                          + awslogs-region        = "us-east-1"
                          + awslogs-stream-prefix = "rcon"
                        }
                    }
                  + name             = "minecraft-rcon"
                  + portMappings     = [
                      + {
                          + containerPort = 25575
                          + hostPort      = 25575
                          + protocol      = "tcp"
                        },
                    ]
                },
            ]
        )
      + cpu                      = "256"
      + enable_fault_injection   = (known after apply)
      + execution_role_arn       = (known after apply)
      + family                   = "minecraft-rcon"
      + id                       = (known after apply)
      + memory                   = "512"
      + network_mode             = "awsvpc"
      + region                   = "us-east-1"
      + requires_compatibilities = [
          + "FARGATE",
        ]
      + revision                 = (known after apply)
      + skip_destroy             = false
      + tags_all                 = (known after apply)
      + track_latest             = false
    }

  # aws_efs_file_system.minecraft will be created
  + resource "aws_efs_file_system" "minecraft" {
      + arn                     = (known after apply)
      + availability_zone_id    = (known after apply)
      + availability_zone_name  = (known after apply)
      + creation_token          = (known after apply)
      + dns_name                = (known after apply)
      + encrypted               = (known after apply)
      + id                      = (known after apply)
      + kms_key_id              = (known after apply)
      + name                    = (known after apply)
      + number_of_mount_targets = (known after apply)
      + owner_id                = (known after apply)
      + performance_mode        = "generalPurpose"
      + region                  = "us-east-1"
      + size_in_bytes           = (known after apply)
      + tags                    = {
          + "Name" = "minecraft-efs"
        }
      + tags_all                = {
          + "Name" = "minecraft-efs"
        }
      + throughput_mode         = "bursting"

      + protection (known after apply)
    }

  # aws_efs_mount_target.minecraft[0] will be created
  + resource "aws_efs_mount_target" "minecraft" {
      + availability_zone_id   = (known after apply)
      + availability_zone_name = (known after apply)
      + dns_name               = (known after apply)
      + file_system_arn        = (known after apply)
      + file_system_id         = (known after apply)
      + id                     = (known after apply)
      + ip_address             = (known after apply)
      + ip_address_type        = (known after apply)
      + ipv6_address           = (known after apply)
      + mount_target_dns_name  = (known after apply)
      + network_interface_id   = (known after apply)
      + owner_id               = (known after apply)
      + region                 = "us-east-1"
      + security_groups        = (known after apply)
      + subnet_id              = (known after apply)
    }

  # aws_efs_mount_target.minecraft[1] will be created
  + resource "aws_efs_mount_target" "minecraft" {
      + availability_zone_id   = (known after apply)
      + availability_zone_name = (known after apply)
      + dns_name               = (known after apply)
      + file_system_arn        = (known after apply)
      + file_system_id         = (known after apply)
      + id                     = (known after apply)
      + ip_address             = (known after apply)
      + ip_address_type        = (known after apply)
      + ipv6_address           = (known after apply)
      + mount_target_dns_name  = (known after apply)
      + network_interface_id   = (known after apply)
      + owner_id               = (known after apply)
      + region                 = "us-east-1"
      + security_groups        = (known after apply)
      + subnet_id              = (known after apply)
    }

  # aws_iam_role.ecs_task_execution will be created
  + resource "aws_iam_role" "ecs_task_execution" {
      + arn                   = (known after apply)
      + assume_role_policy    = jsonencode(
            {
              + Statement = [
                  + {
                      + Action    = "sts:AssumeRole"
                      + Effect    = "Allow"
                      + Principal = {
                          + Service = "ecs-tasks.amazonaws.com"
                        }
                    },
                ]
              + Version   = "2012-10-17"
            }
        )
      + create_date           = (known after apply)
      + force_detach_policies = false
      + id                    = (known after apply)
      + managed_policy_arns   = (known after apply)
      + max_session_duration  = 3600
      + name                  = "ecsTaskExecutionRole"
      + name_prefix           = (known after apply)
      + path                  = "/"
      + tags_all              = (known after apply)
      + unique_id             = (known after apply)

      + inline_policy (known after apply)
    }

  # aws_iam_role_policy_attachment.ecs_task_execution will be created
  + resource "aws_iam_role_policy_attachment" "ecs_task_execution" {
      + id         = (known after apply)
      + policy_arn = "arn:aws:iam::aws:policy/service-role/AmazonECSTaskExecutionRolePolicy"
      + role       = "ecsTaskExecutionRole"
    }

  # aws_internet_gateway.main will be created
  + resource "aws_internet_gateway" "main" {
      + arn      = (known after apply)
      + id       = (known after apply)
      + owner_id = (known after apply)
      + region   = "us-east-1"
      + tags     = {
          + "Name" = "minecraft-igw"
        }
      + tags_all = {
          + "Name" = "minecraft-igw"
        }
      + vpc_id   = (known after apply)
    }

  # aws_route.public_internet_access will be created
  + resource "aws_route" "public_internet_access" {
      + destination_cidr_block = "0.0.0.0/0"
      + gateway_id             = (known after apply)
      + id                     = (known after apply)
      + instance_id            = (known after apply)
      + instance_owner_id      = (known after apply)
      + network_interface_id   = (known after apply)
      + origin                 = (known after apply)
      + region                 = "us-east-1"
      + route_table_id         = (known after apply)
      + state                  = (known after apply)
    }

  # aws_route_table.public will be created
  + resource "aws_route_table" "public" {
      + arn              = (known after apply)
      + id               = (known after apply)
      + owner_id         = (known after apply)
      + propagating_vgws = (known after apply)
      + region           = "us-east-1"
      + route            = (known after apply)
      + tags             = {
          + "Name" = "minecraft-public-rt"
        }
      + tags_all         = {
          + "Name" = "minecraft-public-rt"
        }
      + vpc_id           = (known after apply)
    }

  # aws_route_table_association.public[0] will be created
  + resource "aws_route_table_association" "public" {
      + id             = (known after apply)
      + region         = "us-east-1"
      + route_table_id = (known after apply)
      + subnet_id      = (known after apply)
    }

  # aws_route_table_association.public[1] will be created
  + resource "aws_route_table_association" "public" {
      + id             = (known after apply)
      + region         = "us-east-1"
      + route_table_id = (known after apply)
      + subnet_id      = (known after apply)
    }

  # aws_security_group.ecs_tasks will be created
  + resource "aws_security_group" "ecs_tasks" {
      + arn                    = (known after apply)
      + description            = "Allow Minecraft and RCON traffic"
      + egress                 = [
          + {
              + cidr_blocks      = [
                  + "0.0.0.0/0",
                ]
              + from_port        = 0
              + ipv6_cidr_blocks = []
              + prefix_list_ids  = []
              + protocol         = "-1"
              + security_groups  = []
              + self             = false
              + to_port          = 0
                # (1 unchanged attribute hidden)
            },
        ]
      + id                     = (known after apply)
      + ingress                = [
          + {
              + cidr_blocks      = [
                  + "0.0.0.0/0",
                ]
              + description      = "Allow Minecraft client access"
              + from_port        = 25565
              + ipv6_cidr_blocks = []
              + prefix_list_ids  = []
              + protocol         = "tcp"
              + security_groups  = []
              + self             = false
              + to_port          = 25565
            },
          + {
              + cidr_blocks      = [
                  + "0.0.0.0/0",
                ]
              + description      = "Allow RCON access"
              + from_port        = 25575
              + ipv6_cidr_blocks = []
              + prefix_list_ids  = []
              + protocol         = "tcp"
              + security_groups  = []
              + self             = false
              + to_port          = 25575
            },
        ]
      + name                   = "minecraft-ecs-tasks-sg"
      + name_prefix            = (known after apply)
      + owner_id               = (known after apply)
      + region                 = "us-east-1"
      + revoke_rules_on_delete = false
      + tags_all               = (known after apply)
      + vpc_id                 = (known after apply)
    }

  # aws_security_group.efs will be created
  + resource "aws_security_group" "efs" {
      + arn                    = (known after apply)
      + description            = "Allow NFS access from ECS tasks"
      + egress                 = [
          + {
              + cidr_blocks      = [
                  + "0.0.0.0/0",
                ]
              + from_port        = 0
              + ipv6_cidr_blocks = []
              + prefix_list_ids  = []
              + protocol         = "-1"
              + security_groups  = []
              + self             = false
              + to_port          = 0
                # (1 unchanged attribute hidden)
            },
        ]
      + id                     = (known after apply)
      + ingress                = [
          + {
              + cidr_blocks      = []
              + from_port        = 2049
              + ipv6_cidr_blocks = []
              + prefix_list_ids  = []
              + protocol         = "tcp"
              + security_groups  = (known after apply)
              + self             = false
              + to_port          = 2049
                # (1 unchanged attribute hidden)
            },
        ]
      + name                   = "minecraft-efs-sg"
      + name_prefix            = (known after apply)
      + owner_id               = (known after apply)
      + region                 = "us-east-1"
      + revoke_rules_on_delete = false
      + tags_all               = (known after apply)
      + vpc_id                 = (known after apply)
    }

  # aws_subnet.private[0] will be created
  + resource "aws_subnet" "private" {
      + arn                                            = (known after apply)
      + assign_ipv6_address_on_creation                = false
      + availability_zone                              = "us-east-1a"
      + availability_zone_id                           = (known after apply)
      + cidr_block                                     = "10.0.101.0/24"
      + enable_dns64                                   = false
      + enable_resource_name_dns_a_record_on_launch    = false
      + enable_resource_name_dns_aaaa_record_on_launch = false
      + id                                             = (known after apply)
      + ipv6_cidr_block_association_id                 = (known after apply)
      + ipv6_native                                    = false
      + map_public_ip_on_launch                        = false
      + owner_id                                       = (known after apply)
      + private_dns_hostname_type_on_launch            = (known after apply)
      + region                                         = "us-east-1"
      + tags                                           = {
          + "Name" = "minecraft-private-1"
        }
      + tags_all                                       = {
          + "Name" = "minecraft-private-1"
        }
      + vpc_id                                         = (known after apply)
    }

  # aws_subnet.private[1] will be created
  + resource "aws_subnet" "private" {
      + arn                                            = (known after apply)
      + assign_ipv6_address_on_creation                = false
      + availability_zone                              = "us-east-1b"
      + availability_zone_id                           = (known after apply)
      + cidr_block                                     = "10.0.102.0/24"
      + enable_dns64                                   = false
      + enable_resource_name_dns_a_record_on_launch    = false
      + enable_resource_name_dns_aaaa_record_on_launch = false
      + id                                             = (known after apply)
      + ipv6_cidr_block_association_id                 = (known after apply)
      + ipv6_native                                    = false
      + map_public_ip_on_launch                        = false
      + owner_id                                       = (known after apply)
      + private_dns_hostname_type_on_launch            = (known after apply)
      + region                                         = "us-east-1"
      + tags                                           = {
          + "Name" = "minecraft-private-2"
        }
      + tags_all                                       = {
          + "Name" = "minecraft-private-2"
        }
      + vpc_id                                         = (known after apply)
    }

  # aws_subnet.public[0] will be created
  + resource "aws_subnet" "public" {
      + arn                                            = (known after apply)
      + assign_ipv6_address_on_creation                = false
      + availability_zone                              = "us-east-1a"
      + availability_zone_id                           = (known after apply)
      + cidr_block                                     = "10.0.1.0/24"
      + enable_dns64                                   = false
      + enable_resource_name_dns_a_record_on_launch    = false
      + enable_resource_name_dns_aaaa_record_on_launch = false
      + id                                             = (known after apply)
      + ipv6_cidr_block_association_id                 = (known after apply)
      + ipv6_native                                    = false
      + map_public_ip_on_launch                        = true
      + owner_id                                       = (known after apply)
      + private_dns_hostname_type_on_launch            = (known after apply)
      + region                                         = "us-east-1"
      + tags                                           = {
          + "Name" = "minecraft-public-1"
        }
      + tags_all                                       = {
          + "Name" = "minecraft-public-1"
        }
      + vpc_id                                         = (known after apply)
    }

  # aws_subnet.public[1] will be created
  + resource "aws_subnet" "public" {
      + arn                                            = (known after apply)
      + assign_ipv6_address_on_creation                = false
      + availability_zone                              = "us-east-1b"
      + availability_zone_id                           = (known after apply)
      + cidr_block                                     = "10.0.2.0/24"
      + enable_dns64                                   = false
      + enable_resource_name_dns_a_record_on_launch    = false
      + enable_resource_name_dns_aaaa_record_on_launch = false
      + id                                             = (known after apply)
      + ipv6_cidr_block_association_id                 = (known after apply)
      + ipv6_native                                    = false
      + map_public_ip_on_launch                        = true
      + owner_id                                       = (known after apply)
      + private_dns_hostname_type_on_launch            = (known after apply)
      + region                                         = "us-east-1"
      + tags                                           = {
          + "Name" = "minecraft-public-2"
        }
      + tags_all                                       = {
          + "Name" = "minecraft-public-2"
        }
      + vpc_id                                         = (known after apply)
    }

  # aws_vpc.main will be created
  + resource "aws_vpc" "main" {
      + arn                                  = (known after apply)
      + cidr_block                           = "10.0.0.0/16"
      + default_network_acl_id               = (known after apply)
      + default_route_table_id               = (known after apply)
      + default_security_group_id            = (known after apply)
      + dhcp_options_id                      = (known after apply)
      + enable_dns_hostnames                 = true
      + enable_dns_support                   = true
      + enable_network_address_usage_metrics = (known after apply)
      + id                                   = (known after apply)
      + instance_tenancy                     = "default"
      + ipv6_association_id                  = (known after apply)
      + ipv6_cidr_block                      = (known after apply)
      + ipv6_cidr_block_network_border_group = (known after apply)
      + main_route_table_id                  = (known after apply)
      + owner_id                             = (known after apply)
      + region                               = "us-east-1"
      + tags                                 = {
          + "Name" = "minecraft-vpc"
        }
      + tags_all                             = {
          + "Name" = "minecraft-vpc"
        }
    }

Plan: 24 to add, 0 to change, 0 to destroy.

Changes to Outputs:
  + efs_id                     = (known after apply)
  + minecraft_server_public_ip = true
  + rcon_server_public_ip      = true
aws_cloudwatch_log_group.rcon: Creating...
aws_ecs_cluster.main: Creating...
aws_iam_role.ecs_task_execution: Creating...
aws_vpc.main: Creating...
aws_cloudwatch_log_group.minecraft: Creating...
aws_efs_file_system.minecraft: Creating...
aws_iam_role.ecs_task_execution: Creation complete after 0s [id=ecsTaskExecutionRole]
aws_iam_role_policy_attachment.ecs_task_execution: Creating...
aws_iam_role_policy_attachment.ecs_task_execution: Creation complete after 0s [id=ecsTaskExecutionRole/arn:aws:iam::aws:policy/service-role/AmazonECSTaskExecutionRolePolicy]
aws_cloudwatch_log_group.rcon: Creation complete after 0s [id=/ecs/rcon]
aws_cloudwatch_log_group.minecraft: Creation complete after 0s [id=/ecs/minecraft]
aws_ecs_task_definition.rcon: Creating...
aws_ecs_task_definition.rcon: Creation complete after 0s [id=minecraft-rcon]
aws_efs_file_system.minecraft: Creation complete after 4s [id=fs-c4596ec3]
aws_ecs_task_definition.minecraft: Creating...
aws_ecs_task_definition.minecraft: Creation complete after 0s [id=minecraft-lobby]
aws_vpc.main: Still creating... [00m10s elapsed]
aws_ecs_cluster.main: Still creating... [00m10s elapsed]
aws_ecs_cluster.main: Creation complete after 10s [id=arn:aws:ecs:us-east-1:000000000000:cluster/minecraft-cluster]
aws_vpc.main: Creation complete after 10s [id=vpc-651d08b6cab54cec4]
aws_internet_gateway.main: Creating...
aws_route_table.public: Creating...
aws_subnet.private[0]: Creating...
aws_subnet.public[1]: Creating...
aws_subnet.public[0]: Creating...
aws_subnet.private[1]: Creating...
aws_security_group.ecs_tasks: Creating...
aws_subnet.private[1]: Creation complete after 0s [id=subnet-b9fc912e7bc421b41]
aws_subnet.private[0]: Creation complete after 0s [id=subnet-fac27eb23d2c9b82a]
aws_internet_gateway.main: Creation complete after 0s [id=igw-a0c94c0624aacc20e]
aws_route_table.public: Creation complete after 0s [id=rtb-1b56ffe49672cde8a]
aws_route.public_internet_access: Creating...
aws_route.public_internet_access: Creation complete after 1s [id=r-rtb-1b56ffe49672cde8a1080289494]
aws_security_group.ecs_tasks: Creation complete after 1s [id=sg-753cd6d0802de1272]
aws_security_group.efs: Creating...
aws_security_group.efs: Creation complete after 0s [id=sg-730c2acee33f10ff3]
aws_efs_mount_target.minecraft[0]: Creating...
aws_efs_mount_target.minecraft[1]: Creating...
aws_efs_mount_target.minecraft[0]: Creation complete after 2s [id=fsmt-c05af14d]
aws_efs_mount_target.minecraft[1]: Creation complete after 2s [id=fsmt-a4ebba90]
aws_subnet.public[1]: Still creating... [00m10s elapsed]
aws_subnet.public[0]: Still creating... [00m10s elapsed]
aws_subnet.public[1]: Creation complete after 10s [id=subnet-8799e033b1a5d10e8]
aws_subnet.public[0]: Creation complete after 10s [id=subnet-4ef1c93d81a5f3b37]
aws_route_table_association.public[0]: Creating...
aws_route_table_association.public[1]: Creating...
aws_ecs_service.rcon: Creating...
aws_ecs_service.minecraft: Creating...
aws_route_table_association.public[0]: Creation complete after 0s [id=rtbassoc-41662c6641f6505be]
aws_route_table_association.public[1]: Creation complete after 0s [id=rtbassoc-c2a5c93e735edbf16]
aws_ecs_service.minecraft: Still creating... [00m10s elapsed]
aws_ecs_service.rcon: Still creating... [00m10s elapsed]
aws_ecs_service.rcon: Still creating... [00m20s elapsed]
aws_ecs_service.minecraft: Still creating... [00m20s elapsed]
aws_ecs_service.minecraft: Creation complete after 22s [id=arn:aws:ecs:us-east-1:000000000000:service/minecraft-cluster/minecraft-lobby]
aws_ecs_service.rcon: Creation complete after 22s [id=arn:aws:ecs:us-east-1:000000000000:service/minecraft-cluster/minecraft-rcon]

Apply complete! Resources: 24 added, 0 changed, 0 destroyed.

Outputs:

efs_id = "fs-c4596ec3"
minecraft_server_public_ip = true
rcon_server_public_ip = true
