data.aws_iam_policy_document.github_actions_policy: Reading...
data.aws_availability_zones.available: Reading...
data.aws_iam_policy_document.github_actions_policy: Read complete after 0s [id=1994335266]
data.aws_availability_zones.available: Read complete after 0s [id=us-east-1]

Terraform used the selected providers to generate the following execution
plan. Resource actions are indicated with the following symbols:
  + create
 <= read (data resources)

Terraform will perform the following actions:

  # data.aws_iam_policy_document.s3_state_access will be read during apply
  # (config refers to values not yet known)
 <= data "aws_iam_policy_document" "s3_state_access" {
      + id            = (known after apply)
      + json          = (known after apply)
      + minified_json = (known after apply)

      + statement {
          + actions   = [
              + "s3:DeleteObject",
              + "s3:GetObject",
              + "s3:ListBucket",
              + "s3:PutObject",
            ]
          + resources = [
              + (known after apply),
              + (known after apply),
            ]

          + principals {
              + identifiers = [
                  + (known after apply),
                ]
              + type        = "AWS"
            }
        }
    }

  # aws_cloudtrail.main will be created
  + resource "aws_cloudtrail" "main" {
      + arn                           = (known after apply)
      + cloud_watch_logs_group_arn    = (known after apply)
      + cloud_watch_logs_role_arn     = (known after apply)
      + enable_log_file_validation    = true
      + enable_logging                = true
      + home_region                   = (known after apply)
      + id                            = (known after apply)
      + include_global_service_events = true
      + is_multi_region_trail         = true
      + is_organization_trail         = false
      + name                          = "main-cloudtrail"
      + region                        = "us-east-1"
      + s3_bucket_name                = (known after apply)
      + sns_topic_arn                 = (known after apply)
      + tags_all                      = (known after apply)
    }

  # aws_cloudwatch_log_group.cloudtrail will be created
  + resource "aws_cloudwatch_log_group" "cloudtrail" {
      + arn                         = (known after apply)
      + deletion_protection_enabled = (known after apply)
      + id                          = (known after apply)
      + log_group_class             = (known after apply)
      + name                        = "/aws/cloudtrail/main"
      + name_prefix                 = (known after apply)
      + region                      = "us-east-1"
      + retention_in_days           = 90
      + skip_destroy                = false
      + tags_all                    = (known after apply)
    }

  # aws_ecr_repository.custom_docker will be created
  + resource "aws_ecr_repository" "custom_docker" {
      + arn                  = (known after apply)
      + id                   = (known after apply)
      + image_tag_mutability = "MUTABLE"
      + name                 = "custom-terraform-tfmigrate"
      + region               = "us-east-1"
      + registry_id          = (known after apply)
      + repository_url       = (known after apply)
      + tags                 = {
          + "Name" = "custom-terraform-tfmigrate"
        }
      + tags_all             = {
          + "Name" = "custom-terraform-tfmigrate"
        }

      + image_scanning_configuration {
          + scan_on_push = true
        }
    }

  # aws_eip.nat will be created
  + resource "aws_eip" "nat" {
      + allocation_id        = (known after apply)
      + arn                  = (known after apply)
      + association_id       = (known after apply)
      + carrier_ip           = (known after apply)
      + customer_owned_ip    = (known after apply)
      + domain               = (known after apply)
      + id                   = (known after apply)
      + instance             = (known after apply)
      + ipam_pool_id         = (known after apply)
      + network_border_group = (known after apply)
      + network_interface    = (known after apply)
      + private_dns          = (known after apply)
      + private_ip           = (known after apply)
      + ptr_record           = (known after apply)
      + public_dns           = (known after apply)
      + public_ip            = (known after apply)
      + public_ipv4_pool     = (known after apply)
      + region               = "us-east-1"
      + tags_all             = (known after apply)
    }

  # aws_iam_openid_connect_provider.github will be created
  + resource "aws_iam_openid_connect_provider" "github" {
      + arn             = (known after apply)
      + client_id_list  = [
          + "sts.amazonaws.com",
        ]
      + id              = (known after apply)
      + tags_all        = (known after apply)
      + thumbprint_list = [
          + "6938fd4d98bab03faadb97b34396831e3780aea1",
        ]
      + url             = "https://token.actions.githubusercontent.com"
    }

  # aws_iam_role.github_actions will be created
  + resource "aws_iam_role" "github_actions" {
      + arn                   = (known after apply)
      + assume_role_policy    = (known after apply)
      + create_date           = (known after apply)
      + force_detach_policies = false
      + id                    = (known after apply)
      + managed_policy_arns   = (known after apply)
      + max_session_duration  = 3600
      + name                  = "github-actions-terraform-role"
      + name_prefix           = (known after apply)
      + path                  = "/"
      + tags_all              = (known after apply)
      + unique_id             = (known after apply)

      + inline_policy (known after apply)
    }

  # aws_iam_role_policy.github_actions_policy will be created
  + resource "aws_iam_role_policy" "github_actions_policy" {
      + id          = (known after apply)
      + name        = "github-actions-terraform-policy"
      + name_prefix = (known after apply)
      + policy      = jsonencode(
            {
              + Statement = [
                  + {
                      + Action   = [
                          + "sts:AssumeRole",
                          + "s3:*",
                          + "logs:*",
                          + "iam:PassRole",
                          + "ecr:*",
                          + "ec2:*",
                          + "cloudtrail:*",
                        ]
                      + Effect   = "Allow"
                      + Resource = "*"
                    },
                ]
              + Version   = "2012-10-17"
            }
        )
      + role        = (known after apply)
    }

  # aws_internet_gateway.main will be created
  + resource "aws_internet_gateway" "main" {
      + arn      = (known after apply)
      + id       = (known after apply)
      + owner_id = (known after apply)
      + region   = "us-east-1"
      + tags     = {
          + "Name" = "main-igw"
        }
      + tags_all = {
          + "Name" = "main-igw"
        }
      + vpc_id   = (known after apply)
    }

  # aws_nat_gateway.main will be created
  + resource "aws_nat_gateway" "main" {
      + allocation_id                      = (known after apply)
      + association_id                     = (known after apply)
      + auto_provision_zones               = (known after apply)
      + auto_scaling_ips                   = (known after apply)
      + availability_mode                  = (known after apply)
      + connectivity_type                  = "public"
      + id                                 = (known after apply)
      + network_interface_id               = (known after apply)
      + private_ip                         = (known after apply)
      + public_ip                          = (known after apply)
      + region                             = "us-east-1"
      + regional_nat_gateway_address       = (known after apply)
      + regional_nat_gateway_auto_mode     = (known after apply)
      + route_table_id                     = (known after apply)
      + secondary_allocation_ids           = (known after apply)
      + secondary_private_ip_address_count = (known after apply)
      + secondary_private_ip_addresses     = (known after apply)
      + subnet_id                          = (known after apply)
      + tags                               = {
          + "Name" = "main-nat-gw"
        }
      + tags_all                           = {
          + "Name" = "main-nat-gw"
        }
      + vpc_id                             = (known after apply)
    }

  # aws_route.private_nat_gateway will be created
  + resource "aws_route" "private_nat_gateway" {
      + destination_cidr_block = "0.0.0.0/0"
      + id                     = (known after apply)
      + instance_id            = (known after apply)
      + instance_owner_id      = (known after apply)
      + nat_gateway_id         = (known after apply)
      + network_interface_id   = (known after apply)
      + origin                 = (known after apply)
      + region                 = "us-east-1"
      + route_table_id         = (known after apply)
      + state                  = (known after apply)
    }

  # aws_route.public_internet_access will be created
  + resource "aws_route" "public_internet_access" {
      + destination_cidr_block = "0.0.0.0/0"
      + gateway_id             = (known after apply)
      + id                     = (known after apply)
      + instance_id            = (known after apply)
      + instance_owner_id      = (known after apply)
      + network_interface_id   = (known after apply)
      + origin                 = (known after apply)
      + region                 = "us-east-1"
      + route_table_id         = (known after apply)
      + state                  = (known after apply)
    }

  # aws_route_table.private will be created
  + resource "aws_route_table" "private" {
      + arn              = (known after apply)
      + id               = (known after apply)
      + owner_id         = (known after apply)
      + propagating_vgws = (known after apply)
      + region           = "us-east-1"
      + route            = (known after apply)
      + tags             = {
          + "Name" = "private-rt"
        }
      + tags_all         = {
          + "Name" = "private-rt"
        }
      + vpc_id           = (known after apply)
    }

  # aws_route_table.public will be created
  + resource "aws_route_table" "public" {
      + arn              = (known after apply)
      + id               = (known after apply)
      + owner_id         = (known after apply)
      + propagating_vgws = (known after apply)
      + region           = "us-east-1"
      + route            = (known after apply)
      + tags             = {
          + "Name" = "public-rt"
        }
      + tags_all         = {
          + "Name" = "public-rt"
        }
      + vpc_id           = (known after apply)
    }

  # aws_route_table_association.private[0] will be created
  + resource "aws_route_table_association" "private" {
      + id             = (known after apply)
      + region         = "us-east-1"
      + route_table_id = (known after apply)
      + subnet_id      = (known after apply)
    }

  # aws_route_table_association.private[1] will be created
  + resource "aws_route_table_association" "private" {
      + id             = (known after apply)
      + region         = "us-east-1"
      + route_table_id = (known after apply)
      + subnet_id      = (known after apply)
    }

  # aws_route_table_association.public[0] will be created
  + resource "aws_route_table_association" "public" {
      + id             = (known after apply)
      + region         = "us-east-1"
      + route_table_id = (known after apply)
      + subnet_id      = (known after apply)
    }

  # aws_route_table_association.public[1] will be created
  + resource "aws_route_table_association" "public" {
      + id             = (known after apply)
      + region         = "us-east-1"
      + route_table_id = (known after apply)
      + subnet_id      = (known after apply)
    }

  # aws_s3_bucket.tf_state will be created
  + resource "aws_s3_bucket" "tf_state" {
      + acceleration_status         = (known after apply)
      + acl                         = (known after apply)
      + arn                         = (known after apply)
      + bucket                      = "ai-tf-tfstate"
      + bucket_domain_name          = (known after apply)
      + bucket_prefix               = (known after apply)
      + bucket_region               = (known after apply)
      + bucket_regional_domain_name = (known after apply)
      + force_destroy               = false
      + hosted_zone_id              = (known after apply)
      + id                          = (known after apply)
      + object_lock_enabled         = (known after apply)
      + policy                      = (known after apply)
      + region                      = "us-east-1"
      + request_payer               = (known after apply)
      + tags                        = {
          + "Name" = "tf-state-bucket"
        }
      + tags_all                    = {
          + "Name" = "tf-state-bucket"
        }
      + website_domain              = (known after apply)
      + website_endpoint            = (known after apply)

      + cors_rule (known after apply)

      + grant (known after apply)

      + lifecycle_rule (known after apply)

      + logging (known after apply)

      + object_lock_configuration (known after apply)

      + replication_configuration (known after apply)

      + server_side_encryption_configuration {
          + rule {
              + apply_server_side_encryption_by_default {
                  + sse_algorithm = "AES256"
                }
            }
        }

      + versioning {
          + enabled    = true
          + mfa_delete = false
        }

      + website (known after apply)
    }

  # aws_s3_bucket_policy.tf_state will be created
  + resource "aws_s3_bucket_policy" "tf_state" {
      + bucket = (known after apply)
      + id     = (known after apply)
      + policy = (known after apply)
      + region = "us-east-1"
    }

  # aws_s3_bucket_public_access_block.tf_state will be created
  + resource "aws_s3_bucket_public_access_block" "tf_state" {
      + block_public_acls       = true
      + block_public_policy     = true
      + bucket                  = (known after apply)
      + id                      = (known after apply)
      + ignore_public_acls      = true
      + region                  = "us-east-1"
      + restrict_public_buckets = true
    }

  # aws_subnet.private[0] will be created
  + resource "aws_subnet" "private" {
      + arn                                            = (known after apply)
      + assign_ipv6_address_on_creation                = false
      + availability_zone                              = "us-east-1a"
      + availability_zone_id                           = (known after apply)
      + cidr_block                                     = "10.0.101.0/24"
      + enable_dns64                                   = false
      + enable_resource_name_dns_a_record_on_launch    = false
      + enable_resource_name_dns_aaaa_record_on_launch = false
      + id                                             = (known after apply)
      + ipv6_cidr_block_association_id                 = (known after apply)
      + ipv6_native                                    = false
      + map_public_ip_on_launch                        = false
      + owner_id                                       = (known after apply)
      + private_dns_hostname_type_on_launch            = (known after apply)
      + region                                         = "us-east-1"
      + tags                                           = {
          + "Name" = "private-subnet-1"
        }
      + tags_all                                       = {
          + "Name" = "private-subnet-1"
        }
      + vpc_id                                         = (known after apply)
    }

  # aws_subnet.private[1] will be created
  + resource "aws_subnet" "private" {
      + arn                                            = (known after apply)
      + assign_ipv6_address_on_creation                = false
      + availability_zone                              = "us-east-1b"
      + availability_zone_id                           = (known after apply)
      + cidr_block                                     = "10.0.102.0/24"
      + enable_dns64                                   = false
      + enable_resource_name_dns_a_record_on_launch    = false
      + enable_resource_name_dns_aaaa_record_on_launch = false
      + id                                             = (known after apply)
      + ipv6_cidr_block_association_id                 = (known after apply)
      + ipv6_native                                    = false
      + map_public_ip_on_launch                        = false
      + owner_id                                       = (known after apply)
      + private_dns_hostname_type_on_launch            = (known after apply)
      + region                                         = "us-east-1"
      + tags                                           = {
          + "Name" = "private-subnet-2"
        }
      + tags_all                                       = {
          + "Name" = "private-subnet-2"
        }
      + vpc_id                                         = (known after apply)
    }

  # aws_subnet.public[0] will be created
  + resource "aws_subnet" "public" {
      + arn                                            = (known after apply)
      + assign_ipv6_address_on_creation                = false
      + availability_zone                              = "us-east-1a"
      + availability_zone_id                           = (known after apply)
      + cidr_block                                     = "10.0.1.0/24"
      + enable_dns64                                   = false
      + enable_resource_name_dns_a_record_on_launch    = false
      + enable_resource_name_dns_aaaa_record_on_launch = false
      + id                                             = (known after apply)
      + ipv6_cidr_block_association_id                 = (known after apply)
      + ipv6_native                                    = false
      + map_public_ip_on_launch                        = true
      + owner_id                                       = (known after apply)
      + private_dns_hostname_type_on_launch            = (known after apply)
      + region                                         = "us-east-1"
      + tags                                           = {
          + "Name" = "public-subnet-1"
        }
      + tags_all                                       = {
          + "Name" = "public-subnet-1"
        }
      + vpc_id                                         = (known after apply)
    }

  # aws_subnet.public[1] will be created
  + resource "aws_subnet" "public" {
      + arn                                            = (known after apply)
      + assign_ipv6_address_on_creation                = false
      + availability_zone                              = "us-east-1b"
      + availability_zone_id                           = (known after apply)
      + cidr_block                                     = "10.0.2.0/24"
      + enable_dns64                                   = false
      + enable_resource_name_dns_a_record_on_launch    = false
      + enable_resource_name_dns_aaaa_record_on_launch = false
      + id                                             = (known after apply)
      + ipv6_cidr_block_association_id                 = (known after apply)
      + ipv6_native                                    = false
      + map_public_ip_on_launch                        = true
      + owner_id                                       = (known after apply)
      + private_dns_hostname_type_on_launch            = (known after apply)
      + region                                         = "us-east-1"
      + tags                                           = {
          + "Name" = "public-subnet-2"
        }
      + tags_all                                       = {
          + "Name" = "public-subnet-2"
        }
      + vpc_id                                         = (known after apply)
    }

  # aws_vpc.main will be created
  + resource "aws_vpc" "main" {
      + arn                                  = (known after apply)
      + cidr_block                           = "10.0.0.0/16"
      + default_network_acl_id               = (known after apply)
      + default_route_table_id               = (known after apply)
      + default_security_group_id            = (known after apply)
      + dhcp_options_id                      = (known after apply)
      + enable_dns_hostnames                 = true
      + enable_dns_support                   = true
      + enable_network_address_usage_metrics = (known after apply)
      + id                                   = (known after apply)
      + instance_tenancy                     = "default"
      + ipv6_association_id                  = (known after apply)
      + ipv6_cidr_block                      = (known after apply)
      + ipv6_cidr_block_network_border_group = (known after apply)
      + main_route_table_id                  = (known after apply)
      + owner_id                             = (known after apply)
      + region                               = "us-east-1"
      + tags                                 = {
          + "Name" = "main-vpc"
        }
      + tags_all                             = {
          + "Name" = "main-vpc"
        }
    }

Plan: 25 to add, 0 to change, 0 to destroy.

Changes to Outputs:
  + ecr_repository_url      = (known after apply)
  + github_actions_role_arn = (known after apply)
  + private_subnet_ids      = [
      + (known after apply),
      + (known after apply),
    ]
  + public_subnet_ids       = [
      + (known after apply),
      + (known after apply),
    ]
  + s3_bucket_tf_state      = "ai-tf-tfstate"
  + vpc_id                  = (known after apply)
aws_vpc.main: Creating...
aws_iam_openid_connect_provider.github: Creating...
aws_eip.nat: Creating...
aws_ecr_repository.custom_docker: Creating...
aws_cloudwatch_log_group.cloudtrail: Creating...
aws_s3_bucket.tf_state: Creating...
aws_eip.nat: Creation complete after 1s [id=eipalloc-38a4849474fd25cdd]
aws_iam_openid_connect_provider.github: Creation complete after 1s [id=arn:aws:iam::000000000000:oidc-provider/token.actions.githubusercontent.com]
aws_iam_role.github_actions: Creating...
aws_iam_role.github_actions: Creation complete after 0s [id=github-actions-terraform-role]
aws_iam_role_policy.github_actions_policy: Creating...
aws_iam_role_policy.github_actions_policy: Creation complete after 0s [id=github-actions-terraform-role:github-actions-terraform-policy]
aws_cloudwatch_log_group.cloudtrail: Creation complete after 2s [id=/aws/cloudtrail/main]
aws_ecr_repository.custom_docker: Creation complete after 5s [id=custom-terraform-tfmigrate]
aws_vpc.main: Still creating... [00m10s elapsed]
aws_s3_bucket.tf_state: Still creating... [00m10s elapsed]
aws_vpc.main: Creation complete after 14s [id=vpc-72d8c9b07469ea2f9]
aws_subnet.private[0]: Creating...
aws_subnet.public[1]: Creating...
aws_internet_gateway.main: Creating...
aws_route_table.private: Creating...
aws_subnet.public[0]: Creating...
aws_route_table.public: Creating...
aws_subnet.private[1]: Creating...
aws_subnet.private[0]: Creation complete after 1s [id=subnet-4b58564320e901254]
aws_internet_gateway.main: Creation complete after 1s [id=igw-735d5650252be62dd]
aws_subnet.private[1]: Creation complete after 1s [id=subnet-5cee4ce3947c59fe7]
aws_route_table.public: Creation complete after 1s [id=rtb-4efa3d2343c20a7f9]
aws_route_table.private: Creation complete after 1s [id=rtb-27da1f6b648dabba8]
aws_route_table_association.private[1]: Creating...
aws_route.public_internet_access: Creating...
aws_route_table_association.private[0]: Creating...
aws_route_table_association.private[1]: Creation complete after 0s [id=rtbassoc-c24cabaf1605cb7fe]
aws_route_table_association.private[0]: Creation complete after 0s [id=rtbassoc-0b12569cb7f1954c4]
aws_route.public_internet_access: Creation complete after 0s [id=r-rtb-4efa3d2343c20a7f91080289494]
aws_s3_bucket.tf_state: Still creating... [00m20s elapsed]
aws_subnet.public[1]: Still creating... [00m10s elapsed]
aws_subnet.public[0]: Still creating... [00m10s elapsed]
aws_subnet.public[1]: Creation complete after 11s [id=subnet-163e28a88231d35b5]
aws_subnet.public[0]: Creation complete after 11s [id=subnet-b5cca85ef5700374a]
aws_route_table_association.public[0]: Creating...
aws_route_table_association.public[1]: Creating...
aws_nat_gateway.main: Creating...
aws_route_table_association.public[0]: Creation complete after 0s [id=rtbassoc-8f67dcc7b0b732787]
aws_route_table_association.public[1]: Creation complete after 0s [id=rtbassoc-b4e1d49b513fe09ce]
aws_nat_gateway.main: Creation complete after 0s [id=nat-4f42077133b1cdd5d]
aws_route.private_nat_gateway: Creating...
aws_route.private_nat_gateway: Creation complete after 0s [id=r-rtb-27da1f6b648dabba81080289494]
aws_s3_bucket.tf_state: Still creating... [00m30s elapsed]
aws_s3_bucket.tf_state: Still creating... [00m40s elapsed]
aws_s3_bucket.tf_state: Still creating... [00m50s elapsed]
aws_s3_bucket.tf_state: Still creating... [01m00s elapsed]
aws_s3_bucket.tf_state: Still creating... [01m10s elapsed]
aws_s3_bucket.tf_state: Still creating... [01m20s elapsed]
aws_s3_bucket.tf_state: Still creating... [01m30s elapsed]
aws_s3_bucket.tf_state: Still creating... [01m40s elapsed]
aws_s3_bucket.tf_state: Still creating... [01m50s elapsed]
aws_s3_bucket.tf_state: Still creating... [02m00s elapsed]
aws_s3_bucket.tf_state: Still creating... [02m10s elapsed]
aws_s3_bucket.tf_state: Still creating... [02m20s elapsed]
aws_s3_bucket.tf_state: Still creating... [02m30s elapsed]
aws_s3_bucket.tf_state: Still creating... [02m40s elapsed]
aws_s3_bucket.tf_state: Still creating... [02m50s elapsed]
aws_s3_bucket.tf_state: Still creating... [03m00s elapsed]
aws_s3_bucket.tf_state: Still creating... [03m10s elapsed]
aws_s3_bucket.tf_state: Still creating... [03m20s elapsed]
aws_s3_bucket.tf_state: Still creating... [03m30s elapsed]
aws_s3_bucket.tf_state: Still creating... [03m40s elapsed]
aws_s3_bucket.tf_state: Still creating... [03m50s elapsed]
aws_s3_bucket.tf_state: Still creating... [04m00s elapsed]
aws_s3_bucket.tf_state: Still creating... [04m10s elapsed]
aws_s3_bucket.tf_state: Still creating... [04m20s elapsed]
aws_s3_bucket.tf_state: Still creating... [04m30s elapsed]
aws_s3_bucket.tf_state: Still creating... [04m40s elapsed]
aws_s3_bucket.tf_state: Still creating... [04m50s elapsed]
aws_s3_bucket.tf_state: Still creating... [05m00s elapsed]
aws_s3_bucket.tf_state: Still creating... [05m10s elapsed]
aws_s3_bucket.tf_state: Still creating... [05m20s elapsed]
aws_s3_bucket.tf_state: Still creating... [05m30s elapsed]
aws_s3_bucket.tf_state: Still creating... [05m40s elapsed]
aws_s3_bucket.tf_state: Still creating... [05m50s elapsed]
aws_s3_bucket.tf_state: Still creating... [06m00s elapsed]
aws_s3_bucket.tf_state: Still creating... [06m10s elapsed]

Warning: Argument is deprecated

  with aws_s3_bucket.tf_state,
  on s3.tf line 1, in resource "aws_s3_bucket" "tf_state":
   1: resource "aws_s3_bucket" "tf_state" {

versioning is deprecated. Use the aws_s3_bucket_versioning resource instead.

(and 5 more similar warnings elsewhere)
