data.archive_file.lambda_dummy: Reading...
data.archive_file.lambda_zip: Reading...
data.archive_file.lambda_dummy: Read complete after 0s [id=58e93fade67637870be5af38eff8d5aa66c7da49]
data.archive_file.lambda_zip: Read complete after 0s [id=6477abe8785194c519214f9fb641638a3c0a048c]
data.aws_region.current: Reading...
data.aws_partition.current: Reading...
data.aws_caller_identity.current: Reading...
data.aws_partition.current: Read complete after 0s [id=aws]
data.aws_region.current: Read complete after 0s [id=eu-west-1]
data.aws_caller_identity.current: Read complete after 0s [id=000000000000]

Terraform used the selected providers to generate the following execution
plan. Resource actions are indicated with the following symbols:
  + create

Terraform will perform the following actions:

  # aws_cloudwatch_event_rule.schedule will be created
  + resource "aws_cloudwatch_event_rule" "schedule" {
      + arn                 = (known after apply)
      + description         = "Scheduled trigger for Lambda to invoke SageMaker endpoint."
      + event_bus_name      = "default"
      + force_destroy       = false
      + id                  = (known after apply)
      + name                = "test-sagemaker-deploy-invoke-sagemaker-schedule"
      + name_prefix         = (known after apply)
      + region              = "eu-west-1"
      + schedule_expression = "rate(5 minutes)"
      + tags_all            = {
          + "Managed" = "terraform"
          + "Project" = "test-sagemaker-deploy"
        }
    }

  # aws_cloudwatch_event_target.lambda will be created
  + resource "aws_cloudwatch_event_target" "lambda" {
      + arn            = (known after apply)
      + event_bus_name = "default"
      + force_destroy  = false
      + id             = (known after apply)
      + region         = "eu-west-1"
      + rule           = "test-sagemaker-deploy-invoke-sagemaker-schedule"
      + target_id      = "lambda"
    }

  # aws_cloudwatch_log_group.lambda will be created
  + resource "aws_cloudwatch_log_group" "lambda" {
      + arn                         = (known after apply)
      + deletion_protection_enabled = (known after apply)
      + id                          = (known after apply)
      + log_group_class             = (known after apply)
      + name                        = "/aws/lambda/sagemaker-invoker"
      + name_prefix                 = (known after apply)
      + region                      = "eu-west-1"
      + retention_in_days           = 14
      + skip_destroy                = false
      + tags_all                    = {
          + "Managed" = "terraform"
          + "Project" = "test-sagemaker-deploy"
        }
    }

  # aws_iam_policy.invoke_sagemaker will be created
  + resource "aws_iam_policy" "invoke_sagemaker" {
      + arn              = (known after apply)
      + attachment_count = (known after apply)
      + description      = "Allow Lambda to invoke a specific SageMaker endpoint."
      + id               = (known after apply)
      + name             = "test-sagemaker-deploy-sagemaker-invoker-invoke-sagemaker"
      + name_prefix      = (known after apply)
      + path             = "/"
      + policy           = jsonencode(
            {
              + Statement = [
                  + {
                      + Action   = [
                          + "sagemaker:InvokeEndpoint",
                        ]
                      + Effect   = "Allow"
                      + Resource = "arn:aws:sagemaker:eu-west-1:000000000000:endpoint/hello-world-endpoint"
                    },
                ]
              + Version   = "2012-10-17"
            }
        )
      + policy_id        = (known after apply)
      + tags_all         = {
          + "Managed" = "terraform"
          + "Project" = "test-sagemaker-deploy"
        }
    }

  # aws_iam_role.lambda_exec will be created
  + resource "aws_iam_role" "lambda_exec" {
      + arn                   = (known after apply)
      + assume_role_policy    = jsonencode(
            {
              + Statement = [
                  + {
                      + Action    = "sts:AssumeRole"
                      + Effect    = "Allow"
                      + Principal = {
                          + Service = "lambda.amazonaws.com"
                        }
                    },
                ]
              + Version   = "2012-10-17"
            }
        )
      + create_date           = (known after apply)
      + force_detach_policies = false
      + id                    = (known after apply)
      + managed_policy_arns   = (known after apply)
      + max_session_duration  = 3600
      + name                  = "test-sagemaker-deploy-sagemaker-invoker-role"
      + name_prefix           = (known after apply)
      + path                  = "/"
      + tags_all              = {
          + "Managed" = "terraform"
          + "Project" = "test-sagemaker-deploy"
        }
      + unique_id             = (known after apply)

      + inline_policy (known after apply)
    }

  # aws_iam_role_policy_attachment.invoke_sagemaker will be created
  + resource "aws_iam_role_policy_attachment" "invoke_sagemaker" {
      + id         = (known after apply)
      + policy_arn = (known after apply)
      + role       = "test-sagemaker-deploy-sagemaker-invoker-role"
    }

  # aws_iam_role_policy_attachment.lambda_basic will be created
  + resource "aws_iam_role_policy_attachment" "lambda_basic" {
      + id         = (known after apply)
      + policy_arn = "arn:aws:iam::aws:policy/service-role/AWSLambdaBasicExecutionRole"
      + role       = "test-sagemaker-deploy-sagemaker-invoker-role"
    }

  # aws_lambda_function.invoker will be created
  + resource "aws_lambda_function" "invoker" {
      + architectures                  = (known after apply)
      + arn                            = (known after apply)
      + code_sha256                    = (known after apply)
      + filename                       = "./build/lambda_function.zip"
      + function_name                  = "sagemaker-invoker"
      + handler                        = "lambda_function.lambda_handler"
      + id                             = (known after apply)
      + invoke_arn                     = (known after apply)
      + last_modified                  = (known after apply)
      + memory_size                    = 128
      + package_type                   = "Zip"
      + publish                        = false
      + qualified_arn                  = (known after apply)
      + qualified_invoke_arn           = (known after apply)
      + region                         = "eu-west-1"
      + reserved_concurrent_executions = -1
      + response_streaming_invoke_arn  = (known after apply)
      + role                           = (known after apply)
      + runtime                        = "python3.11"
      + signing_job_arn                = (known after apply)
      + signing_profile_version_arn    = (known after apply)
      + skip_destroy                   = false
      + source_code_hash               = "11t9buhzYmWzttdm31o4tVVhlyhUNTrIf1R6HdNxSjI="
      + source_code_size               = (known after apply)
      + tags_all                       = {
          + "Managed" = "terraform"
          + "Project" = "test-sagemaker-deploy"
        }
      + timeout                        = 30
      + version                        = (known after apply)

      + environment {
          + variables = {
              + "AWS_REGION"              = "eu-west-1"
              + "SAGEMAKER_ENDPOINT_NAME" = "hello-world-endpoint"
            }
        }

      + ephemeral_storage (known after apply)

      + logging_config (known after apply)

      + tracing_config (known after apply)
    }

  # aws_lambda_permission.allow_eventbridge will be created
  + resource "aws_lambda_permission" "allow_eventbridge" {
      + action              = "lambda:InvokeFunction"
      + function_name       = "sagemaker-invoker"
      + id                  = (known after apply)
      + principal           = "events.amazonaws.com"
      + region              = "eu-west-1"
      + source_arn          = (known after apply)
      + statement_id        = "AllowExecutionFromEventBridge"
      + statement_id_prefix = (known after apply)
    }

  # aws_s3_bucket.artifacts will be created
  + resource "aws_s3_bucket" "artifacts" {
      + acceleration_status         = (known after apply)
      + acl                         = (known after apply)
      + arn                         = (known after apply)
      + bucket                      = (known after apply)
      + bucket_domain_name          = (known after apply)
      + bucket_prefix               = "test-sagemaker-deploy-artifacts-"
      + bucket_region               = (known after apply)
      + bucket_regional_domain_name = (known after apply)
      + force_destroy               = true
      + hosted_zone_id              = (known after apply)
      + id                          = (known after apply)
      + object_lock_enabled         = (known after apply)
      + policy                      = (known after apply)
      + region                      = "eu-west-1"
      + request_payer               = (known after apply)
      + tags_all                    = {
          + "Managed" = "terraform"
          + "Project" = "test-sagemaker-deploy"
        }
      + website_domain              = (known after apply)
      + website_endpoint            = (known after apply)

      + cors_rule (known after apply)

      + grant (known after apply)

      + lifecycle_rule (known after apply)

      + logging (known after apply)

      + object_lock_configuration (known after apply)

      + replication_configuration (known after apply)

      + server_side_encryption_configuration (known after apply)

      + versioning (known after apply)

      + website (known after apply)
    }

  # aws_s3_bucket_public_access_block.artifacts will be created
  + resource "aws_s3_bucket_public_access_block" "artifacts" {
      + block_public_acls       = true
      + block_public_policy     = true
      + bucket                  = (known after apply)
      + id                      = (known after apply)
      + ignore_public_acls      = true
      + region                  = "eu-west-1"
      + restrict_public_buckets = true
    }

  # aws_s3_bucket_server_side_encryption_configuration.artifacts will be created
  + resource "aws_s3_bucket_server_side_encryption_configuration" "artifacts" {
      + bucket = (known after apply)
      + id     = (known after apply)
      + region = "eu-west-1"

      + rule {
          + blocked_encryption_types = []

          + apply_server_side_encryption_by_default {
              + sse_algorithm     = "AES256"
                # (1 unchanged attribute hidden)
            }
        }
    }

  # aws_s3_bucket_versioning.artifacts will be created
  + resource "aws_s3_bucket_versioning" "artifacts" {
      + bucket = (known after apply)
      + id     = (known after apply)
      + region = "eu-west-1"

      + versioning_configuration {
          + mfa_delete = (known after apply)
          + status     = "Enabled"
        }
    }

  # aws_s3_object.lambda_source_snapshot will be created
  + resource "aws_s3_object" "lambda_source_snapshot" {
      + acl                    = (known after apply)
      + arn                    = (known after apply)
      + bucket                 = (known after apply)
      + bucket_key_enabled     = (known after apply)
      + checksum_crc32         = (known after apply)
      + checksum_crc32c        = (known after apply)
      + checksum_crc64nvme     = (known after apply)
      + checksum_sha1          = (known after apply)
      + checksum_sha256        = (known after apply)
      + content_type           = (known after apply)
      + etag                   = "370581b816cc93bbc32ec96e049c4995"
      + force_destroy          = false
      + id                     = (known after apply)
      + key                    = "lambda/src/lambda_function.py"
      + kms_key_id             = (known after apply)
      + region                 = "eu-west-1"
      + server_side_encryption = (known after apply)
      + source                 = "./../lambda/src/lambda_function.py"
      + storage_class          = (known after apply)
      + tags_all               = {
          + "Managed" = "terraform"
          + "Project" = "test-sagemaker-deploy"
        }
      + version_id             = (known after apply)
    }

Plan: 14 to add, 0 to change, 0 to destroy.

Changes to Outputs:
  + artifacts_bucket_name   = (known after apply)
  + aws_region              = "eu-west-1"
  + eventbridge_rule_name   = "test-sagemaker-deploy-invoke-sagemaker-schedule"
  + lambda_function_name    = "sagemaker-invoker"
  + sagemaker_endpoint_name = "hello-world-endpoint"
