{"format_version":"1.2","terraform_version":"1.13.5","variables":{"app_name":{"value":"test-sagemaker-deploy"},"aws_region":{"value":"eu-west-1"},"lambda_function_name":{"value":"sagemaker-invoker"},"lambda_source_dir":{"value":"../lambda/src"},"sagemaker_endpoint_name":{"value":"hello-world-endpoint"}},"planned_values":{"outputs":{"artifacts_bucket_name":{"sensitive":false},"aws_region":{"sensitive":false,"type":"string","value":"eu-west-1"},"eventbridge_rule_name":{"sensitive":false,"type":"string","value":"test-sagemaker-deploy-invoke-sagemaker-schedule"},"lambda_function_name":{"sensitive":false,"type":"string","value":"sagemaker-invoker"},"sagemaker_endpoint_name":{"sensitive":false,"type":"string","value":"hello-world-endpoint"}},"root_module":{"resources":[{"address":"aws_cloudwatch_event_rule.schedule","mode":"managed","type":"aws_cloudwatch_event_rule","name":"schedule","provider_name":"registry.terraform.io/hashicorp/aws","schema_version":1,"values":{"description":"Scheduled trigger for Lambda to invoke SageMaker endpoint.","event_bus_name":"default","event_pattern":null,"force_destroy":false,"is_enabled":null,"name":"test-sagemaker-deploy-invoke-sagemaker-schedule","region":"eu-west-1","role_arn":null,"schedule_expression":"rate(5 minutes)","state":null,"tags":null,"tags_all":{"Managed":"terraform","Project":"test-sagemaker-deploy"}},"sensitive_values":{"tags_all":{}},"identity_schema_version":0,"identity":{"account_id":null,"name":null,"region":null}},{"address":"aws_cloudwatch_event_target.lambda","mode":"managed","type":"aws_cloudwatch_event_target","name":"lambda","provider_name":"registry.terraform.io/hashicorp/aws","schema_version":1,"values":{"appsync_target":[],"batch_target":[],"dead_letter_config":[],"ecs_target":[],"event_bus_name":"default","force_destroy":false,"http_target":[],"input":null,"input_path":null,"input_transformer":[],"kinesis_target":[],"redshift_target":[],"region":"eu-west-1","retry_policy":[],"role_arn":null,"rule":"test-sagemaker-deploy-invoke-sagemaker-schedule","run_command_targets":[],"sagemaker_pipeline_target":[],"sqs_target":[],"target_id":"lambda"},"sensitive_values":{"appsync_target":[],"batch_target":[],"dead_letter_config":[],"ecs_target":[],"http_target":[],"input_transformer":[],"kinesis_target":[],"redshift_target":[],"retry_policy":[],"run_command_targets":[],"sagemaker_pipeline_target":[],"sqs_target":[]},"identity_schema_version":0,"identity":{"account_id":null,"event_bus_name":null,"region":null,"rule":null,"target_id":null}},{"address":"aws_cloudwatch_log_group.lambda","mode":"managed","type":"aws_cloudwatch_log_group","name":"lambda","provider_name":"registry.terraform.io/hashicorp/aws","schema_version":0,"values":{"kms_key_id":null,"name":"/aws/lambda/sagemaker-invoker","region":"eu-west-1","retention_in_days":14,"skip_destroy":false,"tags":null,"tags_all":{"Managed":"terraform","Project":"test-sagemaker-deploy"}},"sensitive_values":{"tags_all":{}},"identity_schema_version":0,"identity":{"account_id":null,"name":null,"region":null}},{"address":"aws_iam_policy.invoke_sagemaker","mode":"managed","type":"aws_iam_policy","name":"invoke_sagemaker","provider_name":"registry.terraform.io/hashicorp/aws","schema_version":0,"values":{"delay_after_policy_creation_in_ms":null,"description":"Allow Lambda to invoke a specific SageMaker endpoint.","name":"test-sagemaker-deploy-sagemaker-invoker-invoke-sagemaker","path":"/","policy":"{\"Statement\":[{\"Action\":[\"sagemaker:InvokeEndpoint\"],\"Effect\":\"Allow\",\"Resource\":\"arn:aws:sagemaker:eu-west-1:000000000000:endpoint/hello-world-endpoint\"}],\"Version\":\"2012-10-17\"}","tags":null,"tags_all":{"Managed":"terraform","Project":"test-sagemaker-deploy"}},"sensitive_values":{"tags_all":{}},"identity_schema_version":0,"identity":{"arn":null}},{"address":"aws_iam_role.lambda_exec","mode":"managed","type":"aws_iam_role","name":"lambda_exec","provider_name":"registry.terraform.io/hashicorp/aws","schema_version":0,"values":{"assume_role_policy":"{\"Statement\":[{\"Action\":\"sts:AssumeRole\",\"Effect\":\"Allow\",\"Principal\":{\"Service\":\"lambda.amazonaws.com\"}}],\"Version\":\"2012-10-17\"}","description":null,"force_detach_policies":false,"max_session_duration":3600,"name":"test-sagemaker-deploy-sagemaker-invoker-role","path":"/","permissions_boundary":null,"tags":null,"tags_all":{"Managed":"terraform","Project":"test-sagemaker-deploy"}},"sensitive_values":{"inline_policy":[],"managed_policy_arns":[],"tags_all":{}},"identity_schema_version":0,"identity":{"account_id":null,"name":null}},{"address":"aws_iam_role_policy_attachment.invoke_sagemaker","mode":"managed","type":"aws_iam_role_policy_attachment","name":"invoke_sagemaker","provider_name":"registry.terraform.io/hashicorp/aws","schema_version":0,"values":{"role":"test-sagemaker-deploy-sagemaker-invoker-role"},"sensitive_values":{},"identity_schema_version":0,"identity":{"account_id":null,"policy_arn":null,"role":null}},{"address":"aws_iam_role_policy_attachment.lambda_basic","mode":"managed","type":"aws_iam_role_policy_attachment","name":"lambda_basic","provider_name":"registry.terraform.io/hashicorp/aws","schema_version":0,"values":{"policy_arn":"arn:aws:iam::aws:policy/service-role/AWSLambdaBasicExecutionRole","role":"test-sagemaker-deploy-sagemaker-invoker-role"},"sensitive_values":{},"identity_schema_version":0,"identity":{"account_id":null,"policy_arn":null,"role":null}},{"address":"aws_lambda_function.invoker","mode":"managed","type":"aws_lambda_function","name":"invoker","provider_name":"registry.terraform.io/hashicorp/aws","schema_version":0,"values":{"capacity_provider_config":[],"code_signing_config_arn":null,"dead_letter_config":[],"description":null,"durable_config":[],"environment":[{"variables":{"AWS_REGION":"eu-west-1","SAGEMAKER_ENDPOINT_NAME":"hello-world-endpoint"}}],"file_system_config":[],"filename":"./build/lambda_function.zip","function_name":"sagemaker-invoker","handler":"lambda_function.lambda_handler","image_config":[],"image_uri":null,"kms_key_arn":null,"layers":null,"memory_size":128,"package_type":"Zip","publish":false,"publish_to":null,"region":"eu-west-1","replace_security_groups_on_destroy":null,"replacement_security_group_ids":null,"reserved_concurrent_executions":-1,"runtime":"python3.11","s3_bucket":null,"s3_key":null,"s3_object_version":null,"skip_destroy":false,"snap_start":[],"source_code_hash":"11t9buhzYmWzttdm31o4tVVhlyhUNTrIf1R6HdNxSjI=","source_kms_key_arn":null,"tags":null,"tags_all":{"Managed":"terraform","Project":"test-sagemaker-deploy"},"tenancy_config":[],"timeout":30,"timeouts":null,"vpc_config":[]},"sensitive_values":{"architectures":[],"capacity_provider_config":[],"dead_letter_config":[],"durable_config":[],"environment":[{"variables":{}}],"ephemeral_storage":[],"file_system_config":[],"image_config":[],"logging_config":[],"snap_start":[],"tags_all":{},"tenancy_config":[],"tracing_config":[],"vpc_config":[]},"identity_schema_version":0,"identity":{"account_id":null,"function_name":null,"region":null}},{"address":"aws_lambda_permission.allow_eventbridge","mode":"managed","type":"aws_lambda_permission","name":"allow_eventbridge","provider_name":"registry.terraform.io/hashicorp/aws","schema_version":0,"values":{"action":"lambda:InvokeFunction","event_source_token":null,"function_name":"sagemaker-invoker","function_url_auth_type":null,"invoked_via_function_url":null,"principal":"events.amazonaws.com","principal_org_id":null,"qualifier":null,"region":"eu-west-1","source_account":null,"statement_id":"AllowExecutionFromEventBridge"},"sensitive_values":{},"identity_schema_version":0,"identity":{"account_id":null,"function_name":null,"qualifier":null,"region":null,"statement_id":null}},{"address":"aws_s3_bucket.artifacts","mode":"managed","type":"aws_s3_bucket","name":"artifacts","provider_name":"registry.terraform.io/hashicorp/aws","schema_version":0,"values":{"bucket_prefix":"test-sagemaker-deploy-artifacts-","force_destroy":true,"region":"eu-west-1","tags":null,"tags_all":{"Managed":"terraform","Project":"test-sagemaker-deploy"},"timeouts":null},"sensitive_values":{"cors_rule":[],"grant":[],"lifecycle_rule":[],"logging":[],"object_lock_configuration":[],"replication_configuration":[],"server_side_encryption_configuration":[],"tags_all":{},"versioning":[],"website":[]},"identity_schema_version":0,"identity":{"account_id":null,"bucket":null,"region":null}},{"address":"aws_s3_bucket_public_access_block.artifacts","mode":"managed","type":"aws_s3_bucket_public_access_block","name":"artifacts","provider_name":"registry.terraform.io/hashicorp/aws","schema_version":0,"values":{"block_public_acls":true,"block_public_policy":true,"ignore_public_acls":true,"region":"eu-west-1","restrict_public_buckets":true,"skip_destroy":null},"sensitive_values":{},"identity_schema_version":0,"identity":{"account_id":null,"bucket":null,"region":null}},{"address":"aws_s3_bucket_server_side_encryption_configuration.artifacts","mode":"managed","type":"aws_s3_bucket_server_side_encryption_configuration","name":"artifacts","provider_name":"registry.terraform.io/hashicorp/aws","schema_version":0,"values":{"expected_bucket_owner":null,"region":"eu-west-1","rule":[{"apply_server_side_encryption_by_default":[{"kms_master_key_id":"","sse_algorithm":"AES256"}],"blocked_encryption_types":[],"bucket_key_enabled":null}]},"sensitive_values":{"rule":[{"apply_server_side_encryption_by_default":[{}],"blocked_encryption_types":[]}]},"identity_schema_version":0,"identity":{"account_id":null,"bucket":null,"expected_bucket_owner":null,"region":null}},{"address":"aws_s3_bucket_versioning.artifacts","mode":"managed","type":"aws_s3_bucket_versioning","name":"artifacts","provider_name":"registry.terraform.io/hashicorp/aws","schema_version":0,"values":{"expected_bucket_owner":null,"mfa":null,"region":"eu-west-1","versioning_configuration":[{"status":"Enabled"}]},"sensitive_values":{"versioning_configuration":[{}]},"identity_schema_version":0,"identity":{"account_id":null,"bucket":null,"expected_bucket_owner":null,"region":null}},{"address":"aws_s3_object.lambda_source_snapshot","mode":"managed","type":"aws_s3_object","name":"lambda_source_snapshot","provider_name":"registry.terraform.io/hashicorp/aws","schema_version":0,"values":{"cache_control":null,"checksum_algorithm":null,"content":null,"content_base64":null,"content_disposition":null,"content_encoding":null,"content_language":null,"etag":"370581b816cc93bbc32ec96e049c4995","force_destroy":false,"key":"lambda/src/lambda_function.py","metadata":null,"object_lock_legal_hold_status":null,"object_lock_mode":null,"object_lock_retain_until_date":null,"override_provider":[],"region":"eu-west-1","source":"./../lambda/src/lambda_function.py","source_hash":null,"tags":null,"tags_all":{"Managed":"terraform","Project":"test-sagemaker-deploy"},"website_redirect":null},"sensitive_values":{"override_provider":[],"tags_all":{}},"identity_schema_version":0,"identity":{"account_id":null,"bucket":null,"key":null,"region":null}}]}},"resource_changes":[{"address":"aws_cloudwatch_event_rule.schedule","mode":"managed","type":"aws_cloudwatch_event_rule","name":"schedule","provider_name":"registry.terraform.io/hashicorp/aws","change":{"actions":["create"],"before":null,"after":{"description":"Scheduled trigger for Lambda to invoke SageMaker endpoint.","event_bus_name":"default","event_pattern":null,"force_destroy":false,"is_enabled":null,"name":"test-sagemaker-deploy-invoke-sagemaker-schedule","region":"eu-west-1","role_arn":null,"schedule_expression":"rate(5 minutes)","state":null,"tags":null,"tags_all":{"Managed":"terraform","Project":"test-sagemaker-deploy"}},"after_unknown":{"arn":true,"id":true,"name_prefix":true,"tags_all":{}},"before_sensitive":false,"after_sensitive":{"tags_all":{}},"after_identity":{"account_id":null,"name":null,"region":null}}},{"address":"aws_cloudwatch_event_target.lambda","mode":"managed","type":"aws_cloudwatch_event_target","name":"lambda","provider_name":"registry.terraform.io/hashicorp/aws","change":{"actions":["create"],"before":null,"after":{"appsync_target":[],"batch_target":[],"dead_letter_config":[],"ecs_target":[],"event_bus_name":"default","force_destroy":false,"http_target":[],"input":null,"input_path":null,"input_transformer":[],"kinesis_target":[],"redshift_target":[],"region":"eu-west-1","retry_policy":[],"role_arn":null,"rule":"test-sagemaker-deploy-invoke-sagemaker-schedule","run_command_targets":[],"sagemaker_pipeline_target":[],"sqs_target":[],"target_id":"lambda"},"after_unknown":{"appsync_target":[],"arn":true,"batch_target":[],"dead_letter_config":[],"ecs_target":[],"http_target":[],"id":true,"input_transformer":[],"kinesis_target":[],"redshift_target":[],"retry_policy":[],"run_command_targets":[],"sagemaker_pipeline_target":[],"sqs_target":[]},"before_sensitive":false,"after_sensitive":{"appsync_target":[],"batch_target":[],"dead_letter_config":[],"ecs_target":[],"http_target":[],"input_transformer":[],"kinesis_target":[],"redshift_target":[],"retry_policy":[],"run_command_targets":[],"sagemaker_pipeline_target":[],"sqs_target":[]},"after_identity":{"account_id":null,"event_bus_name":null,"region":null,"rule":null,"target_id":null}}},{"address":"aws_cloudwatch_log_group.lambda","mode":"managed","type":"aws_cloudwatch_log_group","name":"lambda","provider_name":"registry.terraform.io/hashicorp/aws","change":{"actions":["create"],"before":null,"after":{"kms_key_id":null,"name":"/aws/lambda/sagemaker-invoker","region":"eu-west-1","retention_in_days":14,"skip_destroy":false,"tags":null,"tags_all":{"Managed":"terraform","Project":"test-sagemaker-deploy"}},"after_unknown":{"arn":true,"deletion_protection_enabled":true,"id":true,"log_group_class":true,"name_prefix":true,"tags_all":{}},"before_sensitive":false,"after_sensitive":{"tags_all":{}},"after_identity":{"account_id":null,"name":null,"region":null}}},{"address":"aws_iam_policy.invoke_sagemaker","mode":"managed","type":"aws_iam_policy","name":"invoke_sagemaker","provider_name":"registry.terraform.io/hashicorp/aws","change":{"actions":["create"],"before":null,"after":{"delay_after_policy_creation_in_ms":null,"description":"Allow Lambda to invoke a specific SageMaker endpoint.","name":"test-sagemaker-deploy-sagemaker-invoker-invoke-sagemaker","path":"/","policy":"{\"Statement\":[{\"Action\":[\"sagemaker:InvokeEndpoint\"],\"Effect\":\"Allow\",\"Resource\":\"arn:aws:sagemaker:eu-west-1:000000000000:endpoint/hello-world-endpoint\"}],\"Version\":\"2012-10-17\"}","tags":null,"tags_all":{"Managed":"terraform","Project":"test-sagemaker-deploy"}},"after_unknown":{"arn":true,"attachment_count":true,"id":true,"name_prefix":true,"policy_id":true,"tags_all":{}},"before_sensitive":false,"after_sensitive":{"tags_all":{}},"after_identity":{"arn":null}}},{"address":"aws_iam_role.lambda_exec","mode":"managed","type":"aws_iam_role","name":"lambda_exec","provider_name":"registry.terraform.io/hashicorp/aws","change":{"actions":["create"],"before":null,"after":{"assume_role_policy":"{\"Statement\":[{\"Action\":\"sts:AssumeRole\",\"Effect\":\"Allow\",\"Principal\":{\"Service\":\"lambda.amazonaws.com\"}}],\"Version\":\"2012-10-17\"}","description":null,"force_detach_policies":false,"max_session_duration":3600,"name":"test-sagemaker-deploy-sagemaker-invoker-role","path":"/","permissions_boundary":null,"tags":null,"tags_all":{"Managed":"terraform","Project":"test-sagemaker-deploy"}},"after_unknown":{"arn":true,"create_date":true,"id":true,"inline_policy":true,"managed_policy_arns":true,"name_prefix":true,"tags_all":{},"unique_id":true},"before_sensitive":false,"after_sensitive":{"inline_policy":[],"managed_policy_arns":[],"tags_all":{}},"after_identity":{"account_id":null,"name":null}}},{"address":"aws_iam_role_policy_attachment.invoke_sagemaker","mode":"managed","type":"aws_iam_role_policy_attachment","name":"invoke_sagemaker","provider_name":"registry.terraform.io/hashicorp/aws","change":{"actions":["create"],"before":null,"after":{"role":"test-sagemaker-deploy-sagemaker-invoker-role"},"after_unknown":{"id":true,"policy_arn":true},"before_sensitive":false,"after_sensitive":{},"after_identity":{"account_id":null,"policy_arn":null,"role":null}}},{"address":"aws_iam_role_policy_attachment.lambda_basic","mode":"managed","type":"aws_iam_role_policy_attachment","name":"lambda_basic","provider_name":"registry.terraform.io/hashicorp/aws","change":{"actions":["create"],"before":null,"after":{"policy_arn":"arn:aws:iam::aws:policy/service-role/AWSLambdaBasicExecutionRole","role":"test-sagemaker-deploy-sagemaker-invoker-role"},"after_unknown":{"id":true},"before_sensitive":false,"after_sensitive":{},"after_identity":{"account_id":null,"policy_arn":null,"role":null}}},{"address":"aws_lambda_function.invoker","mode":"managed","type":"aws_lambda_function","name":"invoker","provider_name":"registry.terraform.io/hashicorp/aws","change":{"actions":["create"],"before":null,"after":{"capacity_provider_config":[],"code_signing_config_arn":null,"dead_letter_config":[],"description":null,"durable_config":[],"environment":[{"variables":{"AWS_REGION":"eu-west-1","SAGEMAKER_ENDPOINT_NAME":"hello-world-endpoint"}}],"file_system_config":[],"filename":"./build/lambda_function.zip","function_name":"sagemaker-invoker","handler":"lambda_function.lambda_handler","image_config":[],"image_uri":null,"kms_key_arn":null,"layers":null,"memory_size":128,"package_type":"Zip","publish":false,"publish_to":null,"region":"eu-west-1","replace_security_groups_on_destroy":null,"replacement_security_group_ids":null,"reserved_concurrent_executions":-1,"runtime":"python3.11","s3_bucket":null,"s3_key":null,"s3_object_version":null,"skip_destroy":false,"snap_start":[],"source_code_hash":"11t9buhzYmWzttdm31o4tVVhlyhUNTrIf1R6HdNxSjI=","source_kms_key_arn":null,"tags":null,"tags_all":{"Managed":"terraform","Project":"test-sagemaker-deploy"},"tenancy_config":[],"timeout":30,"timeouts":null,"vpc_config":[]},"after_unknown":{"architectures":true,"arn":true,"capacity_provider_config":[],"code_sha256":true,"dead_letter_config":[],"durable_config":[],"environment":[{"variables":{}}],"ephemeral_storage":true,"file_system_config":[],"id":true,"image_config":[],"invoke_arn":true,"last_modified":true,"logging_config":true,"qualified_arn":true,"qualified_invoke_arn":true,"response_streaming_invoke_arn":true,"role":true,"signing_job_arn":true,"signing_profile_version_arn":true,"snap_start":[],"source_code_size":true,"tags_all":{},"tenancy_config":[],"tracing_config":true,"version":true,"vpc_config":[]},"before_sensitive":false,"after_sensitive":{"architectures":[],"capacity_provider_config":[],"dead_letter_config":[],"durable_config":[],"environment":[{"variables":{}}],"ephemeral_storage":[],"file_system_config":[],"image_config":[],"logging_config":[],"snap_start":[],"tags_all":{},"tenancy_config":[],"tracing_config":[],"vpc_config":[]},"after_identity":{"account_id":null,"function_name":null,"region":null}}},{"address":"aws_lambda_permission.allow_eventbridge","mode":"managed","type":"aws_lambda_permission","name":"allow_eventbridge","provider_name":"registry.terraform.io/hashicorp/aws","change":{"actions":["create"],"before":null,"after":{"action":"lambda:InvokeFunction","event_source_token":null,"function_name":"sagemaker-invoker","function_url_auth_type":null,"invoked_via_function_url":null,"principal":"events.amazonaws.com","principal_org_id":null,"qualifier":null,"region":"eu-west-1","source_account":null,"statement_id":"AllowExecutionFromEventBridge"},"after_unknown":{"id":true,"source_arn":true,"statement_id_prefix":true},"before_sensitive":false,"after_sensitive":{},"after_identity":{"account_id":null,"function_name":null,"qualifier":null,"region":null,"statement_id":null}}},{"address":"aws_s3_bucket.artifacts","mode":"managed","type":"aws_s3_bucket","name":"artifacts","provider_name":"registry.terraform.io/hashicorp/aws","change":{"actions":["create"],"before":null,"after":{"bucket_prefix":"test-sagemaker-deploy-artifacts-","force_destroy":true,"region":"eu-west-1","tags":null,"tags_all":{"Managed":"terraform","Project":"test-sagemaker-deploy"},"timeouts":null},"after_unknown":{"acceleration_status":true,"acl":true,"arn":true,"bucket":true,"bucket_domain_name":true,"bucket_region":true,"bucket_regional_domain_name":true,"cors_rule":true,"grant":true,"hosted_zone_id":true,"id":true,"lifecycle_rule":true,"logging":true,"object_lock_configuration":true,"object_lock_enabled":true,"policy":true,"replication_configuration":true,"request_payer":true,"server_side_encryption_configuration":true,"tags_all":{},"versioning":true,"website":true,"website_domain":true,"website_endpoint":true},"before_sensitive":false,"after_sensitive":{"cors_rule":[],"grant":[],"lifecycle_rule":[],"logging":[],"object_lock_configuration":[],"replication_configuration":[],"server_side_encryption_configuration":[],"tags_all":{},"versioning":[],"website":[]},"after_identity":{"account_id":null,"bucket":null,"region":null}}},{"address":"aws_s3_bucket_public_access_block.artifacts","mode":"managed","type":"aws_s3_bucket_public_access_block","name":"artifacts","provider_name":"registry.terraform.io/hashicorp/aws","change":{"actions":["create"],"before":null,"after":{"block_public_acls":true,"block_public_policy":true,"ignore_public_acls":true,"region":"eu-west-1","restrict_public_buckets":true,"skip_destroy":null},"after_unknown":{"bucket":true,"id":true},"before_sensitive":false,"after_sensitive":{},"after_identity":{"account_id":null,"bucket":null,"region":null}}},{"address":"aws_s3_bucket_server_side_encryption_configuration.artifacts","mode":"managed","type":"aws_s3_bucket_server_side_encryption_configuration","name":"artifacts","provider_name":"registry.terraform.io/hashicorp/aws","change":{"actions":["create"],"before":null,"after":{"expected_bucket_owner":null,"region":"eu-west-1","rule":[{"apply_server_side_encryption_by_default":[{"kms_master_key_id":"","sse_algorithm":"AES256"}],"blocked_encryption_types":[],"bucket_key_enabled":null}]},"after_unknown":{"bucket":true,"id":true,"rule":[{"apply_server_side_encryption_by_default":[{}],"blocked_encryption_types":[]}]},"before_sensitive":false,"after_sensitive":{"rule":[{"apply_server_side_encryption_by_default":[{}],"blocked_encryption_types":[]}]},"after_identity":{"account_id":null,"bucket":null,"expected_bucket_owner":null,"region":null}}},{"address":"aws_s3_bucket_versioning.artifacts","mode":"managed","type":"aws_s3_bucket_versioning","name":"artifacts","provider_name":"registry.terraform.io/hashicorp/aws","change":{"actions":["create"],"before":null,"after":{"expected_bucket_owner":null,"mfa":null,"region":"eu-west-1","versioning_configuration":[{"status":"Enabled"}]},"after_unknown":{"bucket":true,"id":true,"versioning_configuration":[{"mfa_delete":true}]},"before_sensitive":false,"after_sensitive":{"versioning_configuration":[{}]},"after_identity":{"account_id":null,"bucket":null,"expected_bucket_owner":null,"region":null}}},{"address":"aws_s3_object.lambda_source_snapshot","mode":"managed","type":"aws_s3_object","name":"lambda_source_snapshot","provider_name":"registry.terraform.io/hashicorp/aws","change":{"actions":["create"],"before":null,"after":{"cache_control":null,"checksum_algorithm":null,"content":null,"content_base64":null,"content_disposition":null,"content_encoding":null,"content_language":null,"etag":"370581b816cc93bbc32ec96e049c4995","force_destroy":false,"key":"lambda/src/lambda_function.py","metadata":null,"object_lock_legal_hold_status":null,"object_lock_mode":null,"object_lock_retain_until_date":null,"override_provider":[],"region":"eu-west-1","source":"./../lambda/src/lambda_function.py","source_hash":null,"tags":null,"tags_all":{"Managed":"terraform","Project":"test-sagemaker-deploy"},"website_redirect":null},"after_unknown":{"acl":true,"arn":true,"bucket":true,"bucket_key_enabled":true,"checksum_crc32":true,"checksum_crc32c":true,"checksum_crc64nvme":true,"checksum_sha1":true,"checksum_sha256":true,"content_type":true,"id":true,"kms_key_id":true,"override_provider":[],"server_side_encryption":true,"storage_class":true,"tags_all":{},"version_id":true},"before_sensitive":false,"after_sensitive":{"override_provider":[],"tags_all":{}},"after_identity":{"account_id":null,"bucket":null,"key":null,"region":null}}}],"output_changes":{"artifacts_bucket_name":{"actions":["create"],"before":null,"after_unknown":true,"before_sensitive":false,"after_sensitive":false},"aws_region":{"actions":["create"],"before":null,"after":"eu-west-1","after_unknown":false,"before_sensitive":false,"after_sensitive":false},"eventbridge_rule_name":{"actions":["create"],"before":null,"after":"test-sagemaker-deploy-invoke-sagemaker-schedule","after_unknown":false,"before_sensitive":false,"after_sensitive":false},"lambda_function_name":{"actions":["create"],"before":null,"after":"sagemaker-invoker","after_unknown":false,"before_sensitive":false,"after_sensitive":false},"sagemaker_endpoint_name":{"actions":["create"],"before":null,"after":"hello-world-endpoint","after_unknown":false,"before_sensitive":false,"after_sensitive":false}},"prior_state":{"format_version":"1.0","terraform_version":"1.13.5","values":{"outputs":{"aws_region":{"sensitive":false,"value":"eu-west-1","type":"string"},"eventbridge_rule_name":{"sensitive":false,"value":"test-sagemaker-deploy-invoke-sagemaker-schedule","type":"string"},"lambda_function_name":{"sensitive":false,"value":"sagemaker-invoker","type":"string"},"sagemaker_endpoint_name":{"sensitive":false,"value":"hello-world-endpoint","type":"string"}},"root_module":{"resources":[{"address":"data.archive_file.lambda_dummy","mode":"data","type":"archive_file","name":"lambda_dummy","provider_name":"registry.terraform.io/hashicorp/archive","schema_version":0,"values":{"exclude_symlink_directories":null,"excludes":null,"id":"58e93fade67637870be5af38eff8d5aa66c7da49","output_base64sha256":"wmbalFzzY/wG3ivChKElOZB3+B4gptmQyIat05p+fU4=","output_base64sha512":"BQYAg1LwEY4tDmry1VoRx6StX0vjH+7LpfB5KAZLVvfJQjioPbBv1QxI6QF6P2U614fU3h9XKBCb9z5Y1ornqA==","output_file_mode":null,"output_md5":"a0dbd832a6a977d6d5b28ea5c85e30fb","output_path":"./.dummy/lambda.zip","output_sha":"58e93fade67637870be5af38eff8d5aa66c7da49","output_sha256":"c266da945cf363fc06de2bc284a125399077f81e20a6d990c886add39a7e7d4e","output_sha512":"0506008352f0118e2d0e6af2d55a11c7a4ad5f4be31feecba5f07928064b56f7c94238a83db06fd50c48e9017a3f653ad787d4de1f5728109bf73e58d68ae7a8","output_size":246,"source":[{"content":"exports.handler = async (event) =\u003e {\n  console.log(\"Dummy lambda invoked\");\n  return { statusCode: 200, body: \"dummy\" };\n};\n","filename":"index.js"}],"source_content":null,"source_content_filename":null,"source_dir":null,"source_file":null,"type":"zip"},"sensitive_values":{"source":[{}]}},{"address":"data.archive_file.lambda_zip","mode":"data","type":"archive_file","name":"lambda_zip","provider_name":"registry.terraform.io/hashicorp/archive","schema_version":0,"values":{"exclude_symlink_directories":null,"excludes":null,"id":"6477abe8785194c519214f9fb641638a3c0a048c","output_base64sha256":"11t9buhzYmWzttdm31o4tVVhlyhUNTrIf1R6HdNxSjI=","output_base64sha512":"bEbIUCv0h+6Gnb4d2jD0OjuVp2A3FaEZ+R/cdfV3fgUPMKDwBfMlOcXlxGQPMDaT5TkIu7M8uV6gW56y8+DasQ==","output_file_mode":null,"output_md5":"c3690cea3259d540188934327eca9ce4","output_path":"./build/lambda_function.zip","output_sha":"6477abe8785194c519214f9fb641638a3c0a048c","output_sha256":"d75b7d6ee8736265b3b6d766df5a38b55561972854353ac87f547a1dd3714a32","output_sha512":"6c46c8502bf487ee869dbe1dda30f43a3b95a7603715a119f91fdc75f5777e050f30a0f005f32539c5e5c4640f303693e53908bbb33cb95ea05b9eb2f3e0dab1","output_size":500,"source":[],"source_content":null,"source_content_filename":null,"source_dir":"./../lambda/src","source_file":null,"type":"zip"},"sensitive_values":{"source":[]}},{"address":"data.aws_caller_identity.current","mode":"data","type":"aws_caller_identity","name":"current","provider_name":"registry.terraform.io/hashicorp/aws","schema_version":0,"values":{"account_id":"000000000000","arn":"arn:aws:iam::000000000000:root","id":"000000000000","user_id":"AKIAIOSFODNN7EXAMPLE"},"sensitive_values":{}},{"address":"data.aws_partition.current","mode":"data","type":"aws_partition","name":"current","provider_name":"registry.terraform.io/hashicorp/aws","schema_version":0,"values":{"dns_suffix":"amazonaws.com","id":"aws","partition":"aws","reverse_dns_prefix":"com.amazonaws"},"sensitive_values":{}},{"address":"data.aws_region.current","mode":"data","type":"aws_region","name":"current","provider_name":"registry.terraform.io/hashicorp/aws","schema_version":0,"values":{"description":"Europe (Ireland)","endpoint":"ec2.eu-west-1.amazonaws.com","id":"eu-west-1","name":"eu-west-1","region":"eu-west-1"},"sensitive_values":{}}]}}},"configuration":{"provider_config":{"archive":{"name":"archive","full_name":"registry.terraform.io/hashicorp/archive","version_constraint":"\u003e= 2.4.0"},"aws":{"name":"aws","full_name":"registry.terraform.io/hashicorp/aws","version_constraint":"\u003e= 5.0.0","expressions":{"default_tags":[{"tags":{"references":["var.app_name"]}}],"region":{"references":["var.aws_region"]}}}},"root_module":{"outputs":{"artifacts_bucket_name":{"expression":{"references":["aws_s3_bucket.artifacts.bucket","aws_s3_bucket.artifacts"]},"description":"S3 bucket for build artifacts / snapshots."},"aws_region":{"expression":{"references":["var.aws_region"]},"description":"AWS region in use."},"eventbridge_rule_name":{"expression":{"references":["aws_cloudwatch_event_rule.schedule.name","aws_cloudwatch_event_rule.schedule"]},"description":"EventBridge schedule rule name."},"lambda_function_name":{"expression":{"references":["aws_lambda_function.invoker.function_name","aws_lambda_function.invoker"]},"description":"Lambda function that invokes the SageMaker endpoint."},"sagemaker_endpoint_name":{"expression":{"references":["var.sagemaker_endpoint_name"]},"description":"SageMaker endpoint name that the Lambda is configured to invoke."}},"resources":[{"address":"aws_cloudwatch_event_rule.schedule","mode":"managed","type":"aws_cloudwatch_event_rule","name":"schedule","provider_config_key":"aws","expressions":{"description":{"constant_value":"Scheduled trigger for Lambda to invoke SageMaker endpoint."},"name":{"references":["var.app_name"]},"schedule_expression":{"constant_value":"rate(5 minutes)"}},"schema_version":1},{"address":"aws_cloudwatch_event_target.lambda","mode":"managed","type":"aws_cloudwatch_event_target","name":"lambda","provider_config_key":"aws","expressions":{"arn":{"references":["aws_lambda_function.invoker.arn","aws_lambda_function.invoker"]},"rule":{"references":["aws_cloudwatch_event_rule.schedule.name","aws_cloudwatch_event_rule.schedule"]},"target_id":{"constant_value":"lambda"}},"schema_version":1},{"address":"aws_cloudwatch_log_group.lambda","mode":"managed","type":"aws_cloudwatch_log_group","name":"lambda","provider_config_key":"aws","expressions":{"name":{"references":["var.lambda_function_name"]},"retention_in_days":{"constant_value":14}},"schema_version":0},{"address":"aws_iam_policy.invoke_sagemaker","mode":"managed","type":"aws_iam_policy","name":"invoke_sagemaker","provider_config_key":"aws","expressions":{"description":{"constant_value":"Allow Lambda to invoke a specific SageMaker endpoint."},"name":{"references":["var.app_name","var.lambda_function_name"]},"policy":{"references":["data.aws_partition.current.partition","data.aws_partition.current","var.aws_region","data.aws_caller_identity.current.account_id","data.aws_caller_identity.current","var.sagemaker_endpoint_name"]}},"schema_version":0},{"address":"aws_iam_role.lambda_exec","mode":"managed","type":"aws_iam_role","name":"lambda_exec","provider_config_key":"aws","expressions":{"assume_role_policy":{},"name":{"references":["var.app_name","var.lambda_function_name"]}},"schema_version":0},{"address":"aws_iam_role_policy_attachment.invoke_sagemaker","mode":"managed","type":"aws_iam_role_policy_attachment","name":"invoke_sagemaker","provider_config_key":"aws","expressions":{"policy_arn":{"references":["aws_iam_policy.invoke_sagemaker.arn","aws_iam_policy.invoke_sagemaker"]},"role":{"references":["aws_iam_role.lambda_exec.name","aws_iam_role.lambda_exec"]}},"schema_version":0},{"address":"aws_iam_role_policy_attachment.lambda_basic","mode":"managed","type":"aws_iam_role_policy_attachment","name":"lambda_basic","provider_config_key":"aws","expressions":{"policy_arn":{"references":["data.aws_partition.current.partition","data.aws_partition.current"]},"role":{"references":["aws_iam_role.lambda_exec.name","aws_iam_role.lambda_exec"]}},"schema_version":0},{"address":"aws_lambda_function.invoker","mode":"managed","type":"aws_lambda_function","name":"invoker","provider_config_key":"aws","expressions":{"environment":[{"variables":{"references":["var.sagemaker_endpoint_name","var.aws_region"]}}],"filename":{"references":["data.archive_file.lambda_zip.output_path","data.archive_file.lambda_zip"]},"function_name":{"references":["var.lambda_function_name"]},"handler":{"constant_value":"lambda_function.lambda_handler"},"memory_size":{"constant_value":128},"role":{"references":["aws_iam_role.lambda_exec.arn","aws_iam_role.lambda_exec"]},"runtime":{"constant_value":"python3.11"},"source_code_hash":{"references":["data.archive_file.lambda_zip.output_base64sha256","data.archive_file.lambda_zip"]},"timeout":{"constant_value":30}},"schema_version":0,"depends_on":["aws_cloudwatch_log_group.lambda"]},{"address":"aws_lambda_permission.allow_eventbridge","mode":"managed","type":"aws_lambda_permission","name":"allow_eventbridge","provider_config_key":"aws","expressions":{"action":{"constant_value":"lambda:InvokeFunction"},"function_name":{"references":["aws_lambda_function.invoker.function_name","aws_lambda_function.invoker"]},"principal":{"constant_value":"events.amazonaws.com"},"source_arn":{"references":["aws_cloudwatch_event_rule.schedule.arn","aws_cloudwatch_event_rule.schedule"]},"statement_id":{"constant_value":"AllowExecutionFromEventBridge"}},"schema_version":0},{"address":"aws_s3_bucket.artifacts","mode":"managed","type":"aws_s3_bucket","name":"artifacts","provider_config_key":"aws","expressions":{"bucket_prefix":{"references":["var.app_name"]},"force_destroy":{"constant_value":true}},"schema_version":0},{"address":"aws_s3_bucket_public_access_block.artifacts","mode":"managed","type":"aws_s3_bucket_public_access_block","name":"artifacts","provider_config_key":"aws","expressions":{"block_public_acls":{"constant_value":true},"block_public_policy":{"constant_value":true},"bucket":{"references":["aws_s3_bucket.artifacts.id","aws_s3_bucket.artifacts"]},"ignore_public_acls":{"constant_value":true},"restrict_public_buckets":{"constant_value":true}},"schema_version":0},{"address":"aws_s3_bucket_server_side_encryption_configuration.artifacts","mode":"managed","type":"aws_s3_bucket_server_side_encryption_configuration","name":"artifacts","provider_config_key":"aws","expressions":{"bucket":{"references":["aws_s3_bucket.artifacts.id","aws_s3_bucket.artifacts"]},"rule":[{"apply_server_side_encryption_by_default":[{"sse_algorithm":{"constant_value":"AES256"}}]}]},"schema_version":0},{"address":"aws_s3_bucket_versioning.artifacts","mode":"managed","type":"aws_s3_bucket_versioning","name":"artifacts","provider_config_key":"aws","expressions":{"bucket":{"references":["aws_s3_bucket.artifacts.id","aws_s3_bucket.artifacts"]},"versioning_configuration":[{"status":{"constant_value":"Enabled"}}]},"schema_version":0},{"address":"aws_s3_object.lambda_source_snapshot","mode":"managed","type":"aws_s3_object","name":"lambda_source_snapshot","provider_config_key":"aws","expressions":{"bucket":{"references":["aws_s3_bucket.artifacts.id","aws_s3_bucket.artifacts"]},"etag":{"references":["path.module","var.lambda_source_dir"]},"key":{"constant_value":"lambda/src/lambda_function.py"},"source":{"references":["path.module","var.lambda_source_dir"]}},"schema_version":0},{"address":"data.archive_file.lambda_dummy","mode":"data","type":"archive_file","name":"lambda_dummy","provider_config_key":"archive","expressions":{"output_path":{"references":["local.lambda_dummy_zip"]},"source":[{"content":{"constant_value":"exports.handler = async (event) =\u003e {\n  console.log(\"Dummy lambda invoked\");\n  return { statusCode: 200, body: \"dummy\" };\n};\n"},"filename":{"constant_value":"index.js"}}],"type":{"constant_value":"zip"}},"schema_version":0},{"address":"data.archive_file.lambda_zip","mode":"data","type":"archive_file","name":"lambda_zip","provider_config_key":"archive","expressions":{"output_path":{"references":["local.lambda_zip_path"]},"source_dir":{"references":["path.module","var.lambda_source_dir"]},"type":{"constant_value":"zip"}},"schema_version":0},{"address":"data.aws_caller_identity.current","mode":"data","type":"aws_caller_identity","name":"current","provider_config_key":"aws","schema_version":0},{"address":"data.aws_partition.current","mode":"data","type":"aws_partition","name":"current","provider_config_key":"aws","schema_version":0},{"address":"data.aws_region.current","mode":"data","type":"aws_region","name":"current","provider_config_key":"aws","schema_version":0}],"variables":{"app_name":{"default":"test-sagemaker-deploy","description":"Application name used for resource naming."},"aws_region":{"default":"eu-west-1","description":"AWS region to deploy into."},"lambda_function_name":{"default":"sagemaker-invoker","description":"Name of the Lambda function that invokes the SageMaker endpoint."},"lambda_source_dir":{"default":"../lambda/src","description":"Path to the lambda source directory (relative to this Terraform module)."},"sagemaker_endpoint_name":{"default":"hello-world-endpoint","description":"SageMaker endpoint name to invoke."}}}},"relevant_attributes":[{"resource":"aws_cloudwatch_event_rule.schedule","attribute":["arn"]},{"resource":"aws_lambda_function.invoker","attribute":["function_name"]},{"resource":"data.archive_file.lambda_zip","attribute":["output_path"]},{"resource":"data.aws_partition.current","attribute":["partition"]},{"resource":"aws_cloudwatch_event_rule.schedule","attribute":["name"]},{"resource":"aws_iam_policy.invoke_sagemaker","attribute":["arn"]},{"resource":"aws_lambda_function.invoker","attribute":["arn"]},{"resource":"data.archive_file.lambda_zip","attribute":["output_base64sha256"]},{"resource":"aws_iam_role.lambda_exec","attribute":["arn"]},{"resource":"aws_iam_role.lambda_exec","attribute":["name"]},{"resource":"aws_s3_bucket.artifacts","attribute":["bucket"]},{"resource":"data.aws_caller_identity.current","attribute":["account_id"]},{"resource":"aws_s3_bucket.artifacts","attribute":["id"]}],"timestamp":"2026-01-25T19:38:26Z","applyable":true,"complete":true,"errored":false}
