data.aws_iam_policy_document.step_function_assume_role_policy: Reading...
data.aws_iam_policy_document.step_function_assume_role_policy: Read complete after 0s [id=4022981484]

Terraform used the selected providers to generate the following execution
plan. Resource actions are indicated with the following symbols:
  + create
 <= read (data resources)

Terraform will perform the following actions:

  # data.aws_iam_policy_document.step_function_policy will be read during apply
  # (config refers to values not yet known)
 <= data "aws_iam_policy_document" "step_function_policy" {
      + id            = (known after apply)
      + json          = (known after apply)
      + minified_json = (known after apply)

      + statement {
          + actions   = [
              + "s3:GetObject",
              + "s3:ListBucket",
              + "s3:PutObject",
            ]
          + resources = [
              + (known after apply),
              + (known after apply),
              + (known after apply),
              + (known after apply),
            ]
        }
      + statement {
          + actions   = [
              + "sqs:DeleteMessage",
              + "sqs:GetQueueAttributes",
              + "sqs:ReceiveMessage",
              + "sqs:SendMessage",
            ]
          + resources = [
              + (known after apply),
              + (known after apply),
            ]
        }
      + statement {
          + actions   = [
              + "comprehend:Describe*",
              + "comprehend:Detect*",
            ]
          + resources = [
              + "*",
            ]
        }
    }

  # aws_iam_role.step_function will be created
  + resource "aws_iam_role" "step_function" {
      + arn                   = (known after apply)
      + assume_role_policy    = jsonencode(
            {
              + Statement = [
                  + {
                      + Action    = "sts:AssumeRole"
                      + Effect    = "Allow"
                      + Principal = {
                          + Service = "states.amazonaws.com"
                        }
                    },
                ]
              + Version   = "2012-10-17"
            }
        )
      + create_date           = (known after apply)
      + force_detach_policies = false
      + id                    = (known after apply)
      + managed_policy_arns   = (known after apply)
      + max_session_duration  = 3600
      + name                  = (known after apply)
      + name_prefix           = (known after apply)
      + path                  = "/"
      + tags_all              = (known after apply)
      + unique_id             = (known after apply)

      + inline_policy (known after apply)
    }

  # aws_iam_role_policy.step_function_policy will be created
  + resource "aws_iam_role_policy" "step_function_policy" {
      + id          = (known after apply)
      + name        = (known after apply)
      + name_prefix = (known after apply)
      + policy      = (known after apply)
      + role        = (known after apply)
    }

  # aws_s3_bucket.input will be created
  + resource "aws_s3_bucket" "input" {
      + acceleration_status         = (known after apply)
      + acl                         = (known after apply)
      + arn                         = (known after apply)
      + bucket                      = (known after apply)
      + bucket_domain_name          = (known after apply)
      + bucket_prefix               = (known after apply)
      + bucket_region               = (known after apply)
      + bucket_regional_domain_name = (known after apply)
      + force_destroy               = true
      + hosted_zone_id              = (known after apply)
      + id                          = (known after apply)
      + object_lock_enabled         = (known after apply)
      + policy                      = (known after apply)
      + region                      = "us-east-1"
      + request_payer               = (known after apply)
      + tags                        = {
          + "Name" = "ai-basis-input"
        }
      + tags_all                    = {
          + "Name" = "ai-basis-input"
        }
      + website_domain              = (known after apply)
      + website_endpoint            = (known after apply)

      + cors_rule (known after apply)

      + grant (known after apply)

      + lifecycle_rule (known after apply)

      + logging (known after apply)

      + object_lock_configuration (known after apply)

      + replication_configuration (known after apply)

      + server_side_encryption_configuration (known after apply)

      + versioning (known after apply)

      + website (known after apply)
    }

  # aws_s3_bucket.output will be created
  + resource "aws_s3_bucket" "output" {
      + acceleration_status         = (known after apply)
      + acl                         = (known after apply)
      + arn                         = (known after apply)
      + bucket                      = (known after apply)
      + bucket_domain_name          = (known after apply)
      + bucket_prefix               = (known after apply)
      + bucket_region               = (known after apply)
      + bucket_regional_domain_name = (known after apply)
      + force_destroy               = true
      + hosted_zone_id              = (known after apply)
      + id                          = (known after apply)
      + object_lock_enabled         = (known after apply)
      + policy                      = (known after apply)
      + region                      = "us-east-1"
      + request_payer               = (known after apply)
      + tags                        = {
          + "Name" = "ai-basis-output"
        }
      + tags_all                    = {
          + "Name" = "ai-basis-output"
        }
      + website_domain              = (known after apply)
      + website_endpoint            = (known after apply)

      + cors_rule (known after apply)

      + grant (known after apply)

      + lifecycle_rule (known after apply)

      + logging (known after apply)

      + object_lock_configuration (known after apply)

      + replication_configuration (known after apply)

      + server_side_encryption_configuration (known after apply)

      + versioning (known after apply)

      + website (known after apply)
    }

  # aws_s3_bucket_notification.input will be created
  + resource "aws_s3_bucket_notification" "input" {
      + bucket      = (known after apply)
      + eventbridge = false
      + id          = (known after apply)
      + region      = "us-east-1"

      + queue {
          + events        = [
              + "s3:ObjectCreated:*",
            ]
          + filter_prefix = "text/"
          + id            = (known after apply)
          + queue_arn     = (known after apply)
        }
    }

  # aws_s3_bucket_notification.output will be created
  + resource "aws_s3_bucket_notification" "output" {
      + bucket      = (known after apply)
      + eventbridge = false
      + id          = (known after apply)
      + region      = "us-east-1"

      + queue {
          + events        = [
              + "s3:ObjectCreated:*",
            ]
          + filter_prefix = "comprehend/"
          + id            = (known after apply)
          + queue_arn     = (known after apply)
        }
    }

  # aws_sfn_state_machine.comprehend will be created
  + resource "aws_sfn_state_machine" "comprehend" {
      + arn                       = (known after apply)
      + creation_date             = (known after apply)
      + definition                = jsonencode(
            {
              + StartAt = "ProcessSQSEvent"
              + States  = {
                  + ProcessSQSEvent = {
                      + End           = true
                      + ItemProcessor = {
                          + ProcessorConfig = {
                              + Mode = "INLINE"
                            }
                          + StartAt         = "ParseSQSEventBody"
                          + States          = {
                              + CheckSQSBodyRecords          = {
                                  + Choices = [
                                      + {
                                          + IsPresent = true
                                          + Next      = "ProcessSQSBodyRecordsAndPass"
                                          + Variable  = "$.body.Records"
                                        },
                                    ]
                                  + Default = "InvalidSQSBody"
                                  + Type    = "Choice"
                                }
                              + InvalidSQSBody               = {
                                  + End  = true
                                  + Type = "Pass"
                                }
                              + ParseSQSEventBody            = {
                                  + Next       = "CheckSQSBodyRecords"
                                  + Parameters = {
                                      + "body.$" = "States.StringToJson($.body)"
                                    }
                                  + Type       = "Pass"
                                }
                              + ProcessSQSBodyRecordsAndPass = {
                                  + Branches = [
                                      + {
                                          + StartAt = "ProcessSQSBodyRecords"
                                          + States  = {
                                              + ProcessSQSBodyRecords = {
                                                  + End           = true
                                                  + ItemProcessor = {
                                                      + ProcessorConfig = {
                                                          + Mode = "INLINE"
                                                        }
                                                      + StartAt         = "CheckSQSRecordEvent"
                                                      + States          = {
                                                          + CheckContentLengthForComprehend   = {
                                                              + Choices = [
                                                                  + {
                                                                      + Next                  = "ParallelComprehendAndPass"
                                                                      + NumericLessThanEquals = 100000
                                                                      + Variable              = "$.s3.object.contentLength"
                                                                    },
                                                                ]
                                                              + Default = "InvaildContentLengthForComprehend"
                                                              + Type    = "Choice"
                                                            }
                                                          + CheckSQSRecordEvent               = {
                                                              + Choices = [
                                                                  + {
                                                                      + Next         = "ParallelS3GetObjectAndPass"
                                                                      + StringEquals = "ObjectCreated:Put"
                                                                      + Variable     = "$.eventName"
                                                                    },
                                                                ]
                                                              + Default = "InvalidSQSRecordEvent"
                                                              + Type    = "Choice"
                                                            }
                                                          + InvaildContentLengthForComprehend = {
                                                              + End  = true
                                                              + Type = "Pass"
                                                            }
                                                          + InvalidSQSRecordEvent             = {
                                                              + End  = true
                                                              + Type = "Pass"
                                                            }
                                                          + ParallelComprehendAndPass         = {
                                                              + Branches       = [
                                                                  + {
                                                                      + StartAt = "InvalidContentLengthForComprehend"
                                                                      + States  = {
                                                                          + InvalidContentLengthForComprehend = {
                                                                              + End  = true
                                                                              + Type = "Pass"
                                                                            }
                                                                        }
                                                                    },
                                                                  + {
                                                                      + StartAt = "DetectDominantLanguage"
                                                                      + States  = {
                                                                          + DetectDominantLanguage               = {
                                                                              + Next       = "ProcessDetectDominantLanguageResults"
                                                                              + Parameters = {
                                                                                  + "Text.$" = "$.s3.object.body"
                                                                                }
                                                                              + Resource   = "arn:aws:states:::aws-sdk:comprehend:detectDominantLanguage"
                                                                              + ResultPath = "$.comprehend"
                                                                              + Type       = "Task"
                                                                            }
                                                                          + ProcessDetectDominantLanguageResults = {
                                                                              + End           = true
                                                                              + ItemProcessor = {
                                                                                  + ProcessorConfig = {
                                                                                      + Mode = "INLINE"
                                                                                    }
                                                                                  + StartAt         = "CheckLanguageScore"
                                                                                  + States          = {
                                                                                      + CheckLanguageScore          = {
                                                                                          + Choices = [
                                                                                              + {
                                                                                                  + Next               = "ComprehendOperationsAndPass"
                                                                                                  + NumericGreaterThan = 0
                                                                                                  + Variable           = "$.score"
                                                                                                },
                                                                                            ]
                                                                                          + Default = "InValidLanguageScore"
                                                                                          + Type    = "Choice"
                                                                                        }
                                                                                      + ComprehendOperationsAndPass = {
                                                                                          + Branches       = [
                                                                                              + {
                                                                                                  + StartAt = "PassThroughDetectDominantLanguageResult"
                                                                                                  + States  = {
                                                                                                      + PassThroughDetectDominantLanguageResult = {
                                                                                                          + End  = true
                                                                                                          + Type = "Pass"
                                                                                                        }
                                                                                                    }
                                                                                                },
                                                                                              + {
                                                                                                  + StartAt = "ParallelComprehendOperations"
                                                                                                  + States  = {
                                                                                                      + ParallelComprehendOperations = {
                                                                                                          + Branches       = [
                                                                                                              + {
                                                                                                                  + StartAt = "CheckSupportedLanguagesForEntities"
                                                                                                                  + States  = {
                                                                                                                      + CheckSupportedLanguagesForEntities   = {
                                                                                                                          + Choices = [
                                                                                                                              + {
                                                                                                                                  + Next = "DetectEntities"
                                                                                                                                  + Or   = [
                                                                                                                                      + {
                                                                                                                                          + StringEquals = "en"
                                                                                                                                          + Variable     = "$.languageCode"
                                                                                                                                        },
                                                                                                                                      + {
                                                                                                                                          + StringEquals = "es"
                                                                                                                                          + Variable     = "$.languageCode"
                                                                                                                                        },
                                                                                                                                      + {
                                                                                                                                          + StringEquals = "fr"
                                                                                                                                          + Variable     = "$.languageCode"
                                                                                                                                        },
                                                                                                                                      + {
                                                                                                                                          + StringEquals = "de"
                                                                                                                                          + Variable     = "$.languageCode"
                                                                                                                                        },
                                                                                                                                      + {
                                                                                                                                          + StringEquals = "it"
                                                                                                                                          + Variable     = "$.languageCode"
                                                                                                                                        },
                                                                                                                                      + {
                                                                                                                                          + StringEquals = "pt"
                                                                                                                                          + Variable     = "$.languageCode"
                                                                                                                                        },
                                                                                                                                      + {
                                                                                                                                          + StringEquals = "ar"
                                                                                                                                          + Variable     = "$.languageCode"
                                                                                                                                        },
                                                                                                                                      + {
                                                                                                                                          + StringEquals = "hi"
                                                                                                                                          + Variable     = "$.languageCode"
                                                                                                                                        },
                                                                                                                                      + {
                                                                                                                                          + StringEquals = "ja"
                                                                                                                                          + Variable     = "$.languageCode"
                                                                                                                                        },
                                                                                                                                      + {
                                                                                                                                          + StringEquals = "ko"
                                                                                                                                          + Variable     = "$.languageCode"
                                                                                                                                        },
                                                                                                                                      + {
                                                                                                                                          + StringEquals = "zh"
                                                                                                                                          + Variable     = "$.languageCode"
                                                                                                                                        },
                                                                                                                                      + {
                                                                                                                                          + StringEquals = "zh-TW"
                                                                                                                                          + Variable     = "$.languageCode"
                                                                                                                                        },
                                                                                                                                    ]
                                                                                                                                },
                                                                                                                            ]
                                                                                                                          + Default = "InvalidSupportedLanguagesForEntities"
                                                                                                                          + Type    = "Choice"
                                                                                                                        }
                                                                                                                      + DetectEntities                       = {
                                                                                                                          + Next       = "ProcessDetectEntities"
                                                                                                                          + Parameters = {
                                                                                                                              + "LanguageCode.$" = "$.languageCode"
                                                                                                                              + "Text.$"         = "$.text"
                                                                                                                            }
                                                                                                                          + Resource   = "arn:aws:states:::aws-sdk:comprehend:detectEntities"
                                                                                                                          + Type       = "Task"
                                                                                                                        }
                                                                                                                      + InvalidSupportedLanguagesForEntities = {
                                                                                                                          + End    = true
                                                                                                                          + Result = []
                                                                                                                          + Type   = "Pass"
                                                                                                                        }
                                                                                                                      + ProcessDetectEntities                = {
                                                                                                                          + End           = true
                                                                                                                          + ItemProcessor = {
                                                                                                                              + ProcessorConfig = {
                                                                                                                                  + Mode = "INLINE"
                                                                                                                                }
                                                                                                                              + StartAt         = "ProcessDetectEntity"
                                                                                                                              + States          = {
                                                                                                                                  + ProcessDetectEntity = {
                                                                                                                                      + End  = true
                                                                                                                                      + Type = "Pass"
                                                                                                                                    }
                                                                                                                                }
                                                                                                                            }
                                                                                                                          + ItemSelector  = {
                                                                                                                              + "beginOffset.$" = "$$.Map.Item.Value.BeginOffset"
                                                                                                                              + "endOffset.$"   = "$$.Map.Item.Value.EndOffset"
                                                                                                                              + "index.$"       = "$$.Map.Item.Index"
                                                                                                                              + "score.$"       = "$$.Map.Item.Value.Score"
                                                                                                                              + "text.$"        = "$$.Map.Item.Value.Text"
                                                                                                                              + "type.$"        = "$$.Map.Item.Value.Type"
                                                                                                                            }
                                                                                                                          + ItemsPath     = "$.Entities"
                                                                                                                          + Type          = "Map"
                                                                                                                        }
                                                                                                                    }
                                                                                                                },
                                                                                                              + {
                                                                                                                  + StartAt = "CheckSupportedLanguagesForKeyPhrases"
                                                                                                                  + States  = {
                                                                                                                      + CheckSupportedLanguagesForKeyPhrases   = {
                                                                                                                          + Choices = [
                                                                                                                              + {
                                                                                                                                  + Next = "DetectKeyPhrases"
                                                                                                                                  + Or   = [
                                                                                                                                      + {
                                                                                                                                          + StringEquals = "en"
                                                                                                                                          + Variable     = "$.languageCode"
                                                                                                                                        },
                                                                                                                                      + {
                                                                                                                                          + StringEquals = "es"
                                                                                                                                          + Variable     = "$.languageCode"
                                                                                                                                        },
                                                                                                                                      + {
                                                                                                                                          + StringEquals = "fr"
                                                                                                                                          + Variable     = "$.languageCode"
                                                                                                                                        },
                                                                                                                                      + {
                                                                                                                                          + StringEquals = "de"
                                                                                                                                          + Variable     = "$.languageCode"
                                                                                                                                        },
                                                                                                                                      + {
                                                                                                                                          + StringEquals = "it"
                                                                                                                                          + Variable     = "$.languageCode"
                                                                                                                                        },
                                                                                                                                      + {
                                                                                                                                          + StringEquals = "pt"
                                                                                                                                          + Variable     = "$.languageCode"
                                                                                                                                        },
                                                                                                                                      + {
                                                                                                                                          + StringEquals = "ar"
                                                                                                                                          + Variable     = "$.languageCode"
                                                                                                                                        },
                                                                                                                                      + {
                                                                                                                                          + StringEquals = "hi"
                                                                                                                                          + Variable     = "$.languageCode"
                                                                                                                                        },
                                                                                                                                      + {
                                                                                                                                          + StringEquals = "ja"
                                                                                                                                          + Variable     = "$.languageCode"
                                                                                                                                        },
                                                                                                                                      + {
                                                                                                                                          + StringEquals = "ko"
                                                                                                                                          + Variable     = "$.languageCode"
                                                                                                                                        },
                                                                                                                                      + {
                                                                                                                                          + StringEquals = "zh"
                                                                                                                                          + Variable     = "$.languageCode"
                                                                                                                                        },
                                                                                                                                      + {
                                                                                                                                          + StringEquals = "zh-TW"
                                                                                                                                          + Variable     = "$.languageCode"
                                                                                                                                        },
                                                                                                                                    ]
                                                                                                                                },
                                                                                                                            ]
                                                                                                                          + Default = "InvalidSupportedLanguagesForKeyPhrases"
                                                                                                                          + Type    = "Choice"
                                                                                                                        }
                                                                                                                      + DetectKeyPhrases                       = {
                                                                                                                          + Next       = "ProcessDetectKeyPhrases"
                                                                                                                          + Parameters = {
                                                                                                                              + "LanguageCode.$" = "$.languageCode"
                                                                                                                              + "Text.$"         = "$.text"
                                                                                                                            }
                                                                                                                          + Resource   = "arn:aws:states:::aws-sdk:comprehend:detectKeyPhrases"
                                                                                                                          + Type       = "Task"
                                                                                                                        }
                                                                                                                      + InvalidSupportedLanguagesForKeyPhrases = {
                                                                                                                          + End    = true
                                                                                                                          + Result = []
                                                                                                                          + Type   = "Pass"
                                                                                                                        }
                                                                                                                      + ProcessDetectKeyPhrases                = {
                                                                                                                          + End           = true
                                                                                                                          + ItemProcessor = {
                                                                                                                              + ProcessorConfig = {
                                                                                                                                  + Mode = "INLINE"
                                                                                                                                }
                                                                                                                              + StartAt         = "ProcessDetectKeyPhrase"
                                                                                                                              + States          = {
                                                                                                                                  + ProcessDetectKeyPhrase = {
                                                                                                                                      + End  = true
                                                                                                                                      + Type = "Pass"
                                                                                                                                    }
                                                                                                                                }
                                                                                                                            }
                                                                                                                          + ItemSelector  = {
                                                                                                                              + "beginOffset.$" = "$$.Map.Item.Value.BeginOffset"
                                                                                                                              + "endOffset.$"   = "$$.Map.Item.Value.EndOffset"
                                                                                                                              + "index.$"       = "$$.Map.Item.Index"
                                                                                                                              + "score.$"       = "$$.Map.Item.Value.Score"
                                                                                                                              + "text.$"        = "$$.Map.Item.Value.Text"
                                                                                                                            }
                                                                                                                          + ItemsPath     = "$.KeyPhrases"
                                                                                                                          + Type          = "Map"
                                                                                                                        }
                                                                                                                    }
                                                                                                                },
                                                                                                              + {
                                                                                                                  + StartAt = "CheckSupportedLanguagesForPII"
                                                                                                                  + States  = {
                                                                                                                      + CheckSupportedLanguagesForPII   = {
                                                                                                                          + Choices = [
                                                                                                                              + {
                                                                                                                                  + Next = "DetectPiiEntities"
                                                                                                                                  + Or   = [
                                                                                                                                      + {
                                                                                                                                          + StringEquals = "en"
                                                                                                                                          + Variable     = "$.languageCode"
                                                                                                                                        },
                                                                                                                                      + {
                                                                                                                                          + StringEquals = "es"
                                                                                                                                          + Variable     = "$.languageCode"
                                                                                                                                        },
                                                                                                                                    ]
                                                                                                                                },
                                                                                                                            ]
                                                                                                                          + Default = "InvalidSupportedLanguagesForPII"
                                                                                                                          + Type    = "Choice"
                                                                                                                        }
                                                                                                                      + DetectPiiEntities               = {
                                                                                                                          + Next       = "ProcessDetectPiiEntities"
                                                                                                                          + Parameters = {
                                                                                                                              + "LanguageCode.$" = "$.languageCode"
                                                                                                                              + "Text.$"         = "$.text"
                                                                                                                            }
                                                                                                                          + Resource   = "arn:aws:states:::aws-sdk:comprehend:detectPiiEntities"
                                                                                                                          + Type       = "Task"
                                                                                                                        }
                                                                                                                      + InvalidSupportedLanguagesForPII = {
                                                                                                                          + End    = true
                                                                                                                          + Result = []
                                                                                                                          + Type   = "Pass"
                                                                                                                        }
                                                                                                                      + ProcessDetectPiiEntities        = {
                                                                                                                          + End           = true
                                                                                                                          + ItemProcessor = {
                                                                                                                              + ProcessorConfig = {
                                                                                                                                  + Mode = "INLINE"
                                                                                                                                }
                                                                                                                              + StartAt         = "ProcessDetectPiiEntity"
                                                                                                                              + States          = {
                                                                                                                                  + ProcessDetectPiiEntity = {
                                                                                                                                      + End  = true
                                                                                                                                      + Type = "Pass"
                                                                                                                                    }
                                                                                                                                }
                                                                                                                            }
                                                                                                                          + ItemSelector  = {
                                                                                                                              + "beginOffset.$" = "$$.Map.Item.Value.BeginOffset"
                                                                                                                              + "endOffset.$"   = "$$.Map.Item.Value.EndOffset"
                                                                                                                              + "index.$"       = "$$.Map.Item.Index"
                                                                                                                              + "score.$"       = "$$.Map.Item.Value.Score"
                                                                                                                              + "type.$"        = "$$.Map.Item.Value.Type"
                                                                                                                            }
                                                                                                                          + ItemsPath     = "$.Entities"
                                                                                                                          + Type          = "Map"
                                                                                                                        }
                                                                                                                    }
                                                                                                                },
                                                                                                              + {
                                                                                                                  + StartAt = "CheckSupportedLanguagesForSentiment"
                                                                                                                  + States  = {
                                                                                                                      + CheckSupportedLanguagesForSentiment   = {
                                                                                                                          + Choices = [
                                                                                                                              + {
                                                                                                                                  + Next = "DetectSentiment"
                                                                                                                                  + Or   = [
                                                                                                                                      + {
                                                                                                                                          + StringEquals = "en"
                                                                                                                                          + Variable     = "$.languageCode"
                                                                                                                                        },
                                                                                                                                      + {
                                                                                                                                          + StringEquals = "es"
                                                                                                                                          + Variable     = "$.languageCode"
                                                                                                                                        },
                                                                                                                                      + {
                                                                                                                                          + StringEquals = "fr"
                                                                                                                                          + Variable     = "$.languageCode"
                                                                                                                                        },
                                                                                                                                      + {
                                                                                                                                          + StringEquals = "de"
                                                                                                                                          + Variable     = "$.languageCode"
                                                                                                                                        },
                                                                                                                                      + {
                                                                                                                                          + StringEquals = "it"
                                                                                                                                          + Variable     = "$.languageCode"
                                                                                                                                        },
                                                                                                                                      + {
                                                                                                                                          + StringEquals = "pt"
                                                                                                                                          + Variable     = "$.languageCode"
                                                                                                                                        },
                                                                                                                                      + {
                                                                                                                                          + StringEquals = "ar"
                                                                                                                                          + Variable     = "$.languageCode"
                                                                                                                                        },
                                                                                                                                      + {
                                                                                                                                          + StringEquals = "hi"
                                                                                                                                          + Variable     = "$.languageCode"
                                                                                                                                        },
                                                                                                                                      + {
                                                                                                                                          + StringEquals = "ja"
                                                                                                                                          + Variable     = "$.languageCode"
                                                                                                                                        },
                                                                                                                                      + {
                                                                                                                                          + StringEquals = "ko"
                                                                                                                                          + Variable     = "$.languageCode"
                                                                                                                                        },
                                                                                                                                      + {
                                                                                                                                          + StringEquals = "zh"
                                                                                                                                          + Variable     = "$.languageCode"
                                                                                                                                        },
                                                                                                                                      + {
                                                                                                                                          + StringEquals = "zh-TW"
                                                                                                                                          + Variable     = "$.languageCode"
                                                                                                                                        },
                                                                                                                                    ]
                                                                                                                                },
                                                                                                                            ]
                                                                                                                          + Default = "InvalidSupportedLanguagesForSentiment"
                                                                                                                          + Type    = "Choice"
                                                                                                                        }
                                                                                                                      + DetectSentiment                       = {
                                                                                                                          + End            = true
                                                                                                                          + Parameters     = {
                                                                                                                              + "LanguageCode.$" = "$.languageCode"
                                                                                                                              + "Text.$"         = "$.text"
                                                                                                                            }
                                                                                                                          + Resource       = "arn:aws:states:::aws-sdk:comprehend:detectSentiment"
                                                                                                                          + ResultSelector = {
                                                                                                                              + "sentiment.$"  = "$.Sentiment"
                                                                                                                              + sentimentScore = {
                                                                                                                                  + "mixed.$"    = "$.SentimentScore.Mixed"
                                                                                                                                  + "negative.$" = "$.SentimentScore.Negative"
                                                                                                                                  + "neutral.$"  = "$.SentimentScore.Neutral"
                                                                                                                                  + "positive.$" = "$.SentimentScore.Positive"
                                                                                                                                }
                                                                                                                            }
                                                                                                                          + Type           = "Task"
                                                                                                                        }
                                                                                                                      + InvalidSupportedLanguagesForSentiment = {
                                                                                                                          + End    = true
                                                                                                                          + Result = {
                                                                                                                              + sentiment      = null
                                                                                                                              + sentimentScore = {
                                                                                                                                  + mixed    = 0
                                                                                                                                  + negative = 0
                                                                                                                                  + neutral  = 0
                                                                                                                                  + positive = 0
                                                                                                                                }
                                                                                                                            }
                                                                                                                          + Type   = "Pass"
                                                                                                                        }
                                                                                                                    }
                                                                                                                },
                                                                                                              + {
                                                                                                                  + StartAt = "CheckContentLengthForSyntax"
                                                                                                                  + States  = {
                                                                                                                      + CheckContentLengthForSyntax        = {
                                                                                                                          + Choices = [
                                                                                                                              + {
                                                                                                                                  + Next                  = "CheckSupportedLanguagesForSyntax"
                                                                                                                                  + NumericLessThanEquals = 5120
                                                                                                                                  + Variable              = "$.contentLength"
                                                                                                                                },
                                                                                                                            ]
                                                                                                                          + Default = "InvalidContentLengthForSyntax"
                                                                                                                          + Type    = "Choice"
                                                                                                                        }
                                                                                                                      + CheckSupportedLanguagesForSyntax   = {
                                                                                                                          + Choices = [
                                                                                                                              + {
                                                                                                                                  + Next = "DetectSyntaxTokens"
                                                                                                                                  + Or   = [
                                                                                                                                      + {
                                                                                                                                          + StringEquals = "en"
                                                                                                                                          + Variable     = "$.languageCode"
                                                                                                                                        },
                                                                                                                                      + {
                                                                                                                                          + StringEquals = "es"
                                                                                                                                          + Variable     = "$.languageCode"
                                                                                                                                        },
                                                                                                                                      + {
                                                                                                                                          + StringEquals = "fr"
                                                                                                                                          + Variable     = "$.languageCode"
                                                                                                                                        },
                                                                                                                                      + {
                                                                                                                                          + StringEquals = "de"
                                                                                                                                          + Variable     = "$.languageCode"
                                                                                                                                        },
                                                                                                                                      + {
                                                                                                                                          + StringEquals = "it"
                                                                                                                                          + Variable     = "$.languageCode"
                                                                                                                                        },
                                                                                                                                      + {
                                                                                                                                          + StringEquals = "pt"
                                                                                                                                          + Variable     = "$.languageCode"
                                                                                                                                        },
                                                                                                                                    ]
                                                                                                                                },
                                                                                                                            ]
                                                                                                                          + Default = "InvalidSupportedLanguagesForSyntax"
                                                                                                                          + Type    = "Choice"
                                                                                                                        }
                                                                                                                      + DetectSyntaxTokens                 = {
                                                                                                                          + Next       = "ProcessDetectSyntaxTokens"
                                                                                                                          + Parameters = {
                                                                                                                              + "LanguageCode.$" = "$.languageCode"
                                                                                                                              + "Text.$"         = "$.text"
                                                                                                                            }
                                                                                                                          + Resource   = "arn:aws:states:::aws-sdk:comprehend:detectSyntax"
                                                                                                                          + Type       = "Task"
                                                                                                                        }
                                                                                                                      + InvalidContentLengthForSyntax      = {
                                                                                                                          + End    = true
                                                                                                                          + Result = []
                                                                                                                          + Type   = "Pass"
                                                                                                                        }
                                                                                                                      + InvalidSupportedLanguagesForSyntax = {
                                                                                                                          + End    = true
                                                                                                                          + Result = []
                                                                                                                          + Type   = "Pass"
                                                                                                                        }
                                                                                                                      + ProcessDetectSyntaxTokens          = {
                                                                                                                          + End           = true
                                                                                                                          + ItemProcessor = {
                                                                                                                              + ProcessorConfig = {
                                                                                                                                  + Mode = "INLINE"
                                                                                                                                }
                                                                                                                              + StartAt         = "ProcessDetectSyntaxToken"
                                                                                                                              + States          = {
                                                                                                                                  + ProcessDetectSyntaxToken = {
                                                                                                                                      + End  = true
                                                                                                                                      + Type = "Pass"
                                                                                                                                    }
                                                                                                                                }
                                                                                                                            }
                                                                                                                          + ItemSelector  = {
                                                                                                                              + "beginOffset.$" = "$$.Map.Item.Value.BeginOffset"
                                                                                                                              + "endOffset.$"   = "$$.Map.Item.Value.EndOffset"
                                                                                                                              + "index.$"       = "$$.Map.Item.Index"
                                                                                                                              + partOfSpeech    = {
                                                                                                                                  + "score.$" = "$$.Map.Item.Value.PartOfSpeech.Score"
                                                                                                                                  + "tag.$"   = "$$.Map.Item.Value.PartOfSpeech.Tag"
                                                                                                                                }
                                                                                                                              + "text.$"        = "$$.Map.Item.Value.Text"
                                                                                                                              + "tokenId.$"     = "$$.Map.Item.Value.TokenId"
                                                                                                                            }
                                                                                                                          + ItemsPath     = "$.SyntaxTokens"
                                                                                                                          + Type          = "Map"
                                                                                                                        }
                                                                                                                    }
                                                                                                                },
                                                                                                              + {
                                                                                                                  + StartAt = "CheckContentLengthForTargetedSentiment"
                                                                                                                  + States  = {
                                                                                                                      + CheckContentLengthForTargetedSentiment        = {
                                                                                                                          + Choices = [
                                                                                                                              + {
                                                                                                                                  + Next                  = "CheckSupportedLanguagesForTargetedSentiment"
                                                                                                                                  + NumericLessThanEquals = 5120
                                                                                                                                  + Variable              = "$.contentLength"
                                                                                                                                },
                                                                                                                            ]
                                                                                                                          + Default = "InvalidContentLengthForTargetedSentiment"
                                                                                                                          + Type    = "Choice"
                                                                                                                        }
                                                                                                                      + CheckSupportedLanguagesForTargetedSentiment   = {
                                                                                                                          + Choices = [
                                                                                                                              + {
                                                                                                                                  + Next = "DetectTargetedSentiment"
                                                                                                                                  + Or   = [
                                                                                                                                      + {
                                                                                                                                          + StringEquals = "en"
                                                                                                                                          + Variable     = "$.languageCode"
                                                                                                                                        },
                                                                                                                                    ]
                                                                                                                                },
                                                                                                                            ]
                                                                                                                          + Default = "InvalidSupportedLanguagesForTargetedSentiment"
                                                                                                                          + Type    = "Choice"
                                                                                                                        }
                                                                                                                      + DetectTargetedSentiment                       = {
                                                                                                                          + Next       = "ProcessDetectTargetedSentiments"
                                                                                                                          + Parameters = {
                                                                                                                              + "LanguageCode.$" = "$.languageCode"
                                                                                                                              + "Text.$"         = "$.text"
                                                                                                                            }
                                                                                                                          + Resource   = "arn:aws:states:::aws-sdk:comprehend:detectTargetedSentiment"
                                                                                                                          + Type       = "Task"
                                                                                                                        }
                                                                                                                      + InvalidContentLengthForTargetedSentiment      = {
                                                                                                                          + End    = true
                                                                                                                          + Result = []
                                                                                                                          + Type   = "Pass"
                                                                                                                        }
                                                                                                                      + InvalidSupportedLanguagesForTargetedSentiment = {
                                                                                                                          + End    = true
                                                                                                                          + Result = []
                                                                                                                          + Type   = "Pass"
                                                                                                                        }
                                                                                                                      + ProcessDetectTargetedSentiments               = {
                                                                                                                          + End           = true
                                                                                                                          + ItemProcessor = {
                                                                                                                              + ProcessorConfig = {
                                                                                                                                  + Mode = "INLINE"
                                                                                                                                }
                                                                                                                              + StartAt         = "ParallelDescriptiveMentionIndexAndMentions"
                                                                                                                              + States          = {
                                                                                                                                  + ParallelDescriptiveMentionIndexAndMentions = {
                                                                                                                                      + Branches       = [
                                                                                                                                          + {
                                                                                                                                              + StartAt = "ProcessDetectTargetedSentiment"
                                                                                                                                              + States  = {
                                                                                                                                                  + ProcessDetectTargetedSentiment = {
                                                                                                                                                      + End        = true
                                                                                                                                                      + Parameters = {
                                                                                                                                                          + "index.$" = "$.index"
                                                                                                                                                        }
                                                                                                                                                      + Type       = "Pass"
                                                                                                                                                    }
                                                                                                                                                }
                                                                                                                                            },
                                                                                                                                          + {
                                                                                                                                              + StartAt = "ProcessDescriptiveMentionIndexes"
                                                                                                                                              + States  = {
                                                                                                                                                  + ProcessDescriptiveMentionIndexes = {
                                                                                                                                                      + End           = true
                                                                                                                                                      + ItemProcessor = {
                                                                                                                                                          + ProcessorConfig = {
                                                                                                                                                              + Mode = "INLINE"
                                                                                                                                                            }
                                                                                                                                                          + StartAt         = "ProcessDescriptiveMentionIndex"
                                                                                                                                                          + States          = {
                                                                                                                                                              + ProcessDescriptiveMentionIndex = {
                                                                                                                                                                  + End  = true
                                                                                                                                                                  + Type = "Pass"
                                                                                                                                                                }
                                                                                                                                                            }
                                                                                                                                                        }
                                                                                                                                                      + ItemSelector  = {
                                                                                                                                                          + "index.$" = "$$.Map.Item.Index"
                                                                                                                                                          + "value.$" = "$$.Map.Item.Value"
                                                                                                                                                        }
                                                                                                                                                      + ItemsPath     = "$.descriptiveMentionIndex"
                                                                                                                                                      + Type          = "Map"
                                                                                                                                                    }
                                                                                                                                                }
                                                                                                                                            },
                                                                                                                                          + {
                                                                                                                                              + StartAt = "ProcessTargetedSentimentMentions"
                                                                                                                                              + States  = {
                                                                                                                                                  + ProcessTargetedSentimentMentions = {
                                                                                                                                                      + End           = true
                                                                                                                                                      + ItemProcessor = {
                                                                                                                                                          + ProcessorConfig = {
                                                                                                                                                              + Mode = "INLINE"
                                                                                                                                                            }
                                                                                                                                                          + StartAt         = "ProcessTargetedSentimentMention"
                                                                                                                                                          + States          = {
                                                                                                                                                              + ProcessTargetedSentimentMention = {
                                                                                                                                                                  + End  = true
                                                                                                                                                                  + Type = "Pass"
                                                                                                                                                                }
                                                                                                                                                            }
                                                                                                                                                        }
                                                                                                                                                      + ItemSelector  = {
                                                                                                                                                          + "beginOffset.$"  = "$$.Map.Item.Value.BeginOffset"
                                                                                                                                                          + "endOffset.$"    = "$$.Map.Item.Value.EndOffset"
                                                                                                                                                          + "groupScore.$"   = "$$.Map.Item.Value.GroupScore"
                                                                                                                                                          + "index.$"        = "$$.Map.Item.Index"
                                                                                                                                                          + mentionSentiment = {
                                                                                                                                                              + "sentiment.$"  = "$$.Map.Item.Value.MentionSentiment.Sentiment"
                                                                                                                                                              + sentimentScore = {
                                                                                                                                                                  + "mixed.$"    = "$$.Map.Item.Value.MentionSentiment.SentimentScore.Mixed"
                                                                                                                                                                  + "negative.$" = "$$.Map.Item.Value.MentionSentiment.SentimentScore.Negative"
                                                                                                                                                                  + "neutral.$"  = "$$.Map.Item.Value.MentionSentiment.SentimentScore.Neutral"
                                                                                                                                                                  + "positive.$" = "$$.Map.Item.Value.MentionSentiment.SentimentScore.Positive"
                                                                                                                                                                }
                                                                                                                                                            }
                                                                                                                                                          + "score.$"        = "$$.Map.Item.Value.Score"
                                                                                                                                                          + "text.$"         = "$$.Map.Item.Value.Text"
                                                                                                                                                          + "type.$"         = "$$.Map.Item.Value.Type"
                                                                                                                                                        }
                                                                                                                                                      + ItemsPath     = "$.mentions"
                                                                                                                                                      + Type          = "Map"
                                                                                                                                                    }
                                                                                                                                                }
                                                                                                                                            },
                                                                                                                                        ]
                                                                                                                                      + End            = true
                                                                                                                                      + ResultSelector = {
                                                                                                                                          + "descriptiveMentionIndex.$" = "$[1]"
                                                                                                                                          + "index.$"                   = "$[0].index"
                                                                                                                                          + "mentions.$"                = "$[2]"
                                                                                                                                        }
                                                                                                                                      + Type           = "Parallel"
                                                                                                                                    }
                                                                                                                                }
                                                                                                                            }
                                                                                                                          + ItemSelector  = {
                                                                                                                              + "descriptiveMentionIndex.$" = "$$.Map.Item.Value.DescriptiveMentionIndex"
                                                                                                                              + "index.$"                   = "$$.Map.Item.Index"
                                                                                                                              + "mentions.$"                = "$$.Map.Item.Value.Mentions"
                                                                                                                            }
                                                                                                                          + ItemsPath     = "$.Entities"
                                                                                                                          + Type          = "Map"
                                                                                                                        }
                                                                                                                    }
                                                                                                                },
                                                                                                              + {
                                                                                                                  + StartAt = "CheckContentLengthForToxicContent"
                                                                                                                  + States  = {
                                                                                                                      + CheckContentLengthForToxicContent        = {
                                                                                                                          + Choices = [
                                                                                                                              + {
                                                                                                                                  + Next                  = "CheckSupportedLanguagesForToxicContent"
                                                                                                                                  + NumericLessThanEquals = 1024
                                                                                                                                  + Variable              = "$.contentLength"
                                                                                                                                },
                                                                                                                            ]
                                                                                                                          + Default = "InvalidContentLengthForToxicContent"
                                                                                                                          + Type    = "Choice"
                                                                                                                        }
                                                                                                                      + CheckSupportedLanguagesForToxicContent   = {
                                                                                                                          + Choices = [
                                                                                                                              + {
                                                                                                                                  + Next = "DetectToxicContent"
                                                                                                                                  + Or   = [
                                                                                                                                      + {
                                                                                                                                          + StringEquals = "en"
                                                                                                                                          + Variable     = "$.languageCode"
                                                                                                                                        },
                                                                                                                                    ]
                                                                                                                                },
                                                                                                                            ]
                                                                                                                          + Default = "InvalidSupportedLanguagesForToxicContent"
                                                                                                                          + Type    = "Choice"
                                                                                                                        }
                                                                                                                      + DetectToxicContent                       = {
                                                                                                                          + Next       = "ProcessDetectToxicContents"
                                                                                                                          + Parameters = {
                                                                                                                              + "LanguageCode.$" = "$.languageCode"
                                                                                                                              + TextSegments     = [
                                                                                                                                  + {
                                                                                                                                      + "Text.$" = "$.text"
                                                                                                                                    },
                                                                                                                                ]
                                                                                                                            }
                                                                                                                          + Resource   = "arn:aws:states:::aws-sdk:comprehend:detectToxicContent"
                                                                                                                          + Type       = "Task"
                                                                                                                        }
                                                                                                                      + InvalidContentLengthForToxicContent      = {
                                                                                                                          + End    = true
                                                                                                                          + Result = []
                                                                                                                          + Type   = "Pass"
                                                                                                                        }
                                                                                                                      + InvalidSupportedLanguagesForToxicContent = {
                                                                                                                          + End    = true
                                                                                                                          + Result = []
                                                                                                                          + Type   = "Pass"
                                                                                                                        }
                                                                                                                      + ProcessDetectToxicContents               = {
                                                                                                                          + End           = true
                                                                                                                          + ItemProcessor = {
                                                                                                                              + ProcessorConfig = {
                                                                                                                                  + Mode = "INLINE"
                                                                                                                                }
                                                                                                                              + StartAt         = "ParallelProcessDetectToxicContents"
                                                                                                                              + States          = {
                                                                                                                                  + ParallelProcessDetectToxicContents = {
                                                                                                                                      + Branches       = [
                                                                                                                                          + {
                                                                                                                                              + StartAt = "ProcessDetectToxicContent"
                                                                                                                                              + States  = {
                                                                                                                                                  + ProcessDetectToxicContent = {
                                                                                                                                                      + End  = true
                                                                                                                                                      + Type = "Pass"
                                                                                                                                                    }
                                                                                                                                                }
                                                                                                                                            },
                                                                                                                                          + {
                                                                                                                                              + StartAt = "ProcessDetectToxicContentLabels"
                                                                                                                                              + States  = {
                                                                                                                                                  + ProcessDetectToxicContentLabels = {
                                                                                                                                                      + End           = true
                                                                                                                                                      + ItemProcessor = {
                                                                                                                                                          + ProcessorConfig = {
                                                                                                                                                              + Mode = "INLINE"
                                                                                                                                                            }
                                                                                                                                                          + StartAt         = "ProcessDetectToxicContentLabel"
                                                                                                                                                          + States          = {
                                                                                                                                                              + ProcessDetectToxicContentLabel = {
                                                                                                                                                                  + End  = true
                                                                                                                                                                  + Type = "Pass"
                                                                                                                                                                }
                                                                                                                                                            }
                                                                                                                                                        }
                                                                                                                                                      + ItemSelector  = {
                                                                                                                                                          + "index.$" = "$$.Map.Item.Index"
                                                                                                                                                          + "name.$"  = "$$.Map.Item.Value.Name"
                                                                                                                                                          + "score.$" = "$$.Map.Item.Value.Score"
                                                                                                                                                        }
                                                                                                                                                      + ItemsPath     = "$.labels"
                                                                                                                                                      + Type          = "Map"
                                                                                                                                                    }
                                                                                                                                                }
                                                                                                                                            },
                                                                                                                                        ]
                                                                                                                                      + End            = true
                                                                                                                                      + ResultSelector = {
                                                                                                                                          + "index.$"    = "$[0].index"
                                                                                                                                          + "labels.$"   = "$[1]"
                                                                                                                                          + "toxicity.$" = "$[0].toxicity"
                                                                                                                                        }
                                                                                                                                      + Type           = "Parallel"
                                                                                                                                    }
                                                                                                                                }
                                                                                                                            }
                                                                                                                          + ItemSelector  = {
                                                                                                                              + "index.$"    = "$$.Map.Item.Index"
                                                                                                                              + "labels.$"   = "$$.Map.Item.Value.Labels"
                                                                                                                              + "toxicity.$" = "$$.Map.Item.Value.Toxicity"
                                                                                                                            }
                                                                                                                          + ItemsPath     = "$.ResultList"
                                                                                                                          + Type          = "Map"
                                                                                                                        }
                                                                                                                    }
                                                                                                                },
                                                                                                            ]
                                                                                                          + End            = true
                                                                                                          + ResultSelector = {
                                                                                                              + "entities.$"          = "$[0]"
                                                                                                              + "keyPhrases.$"        = "$[1]"
                                                                                                              + "piiEntities.$"       = "$[2]"
                                                                                                              + "sentiment.$"         = "$[3]"
                                                                                                              + "syntaxTokens.$"      = "$[4]"
                                                                                                              + "targetedSentiment.$" = "$[5]"
                                                                                                              + "toxicContent.$"      = "$[6]"
                                                                                                            }
                                                                                                          + Type           = "Parallel"
                                                                                                        }
                                                                                                    }
                                                                                                },
                                                                                            ]
                                                                                          + End            = true
                                                                                          + ResultSelector = {
                                                                                              + "entities.$"          = "$[1].entities"
                                                                                              + "keyPhrases.$"        = "$[1].keyPhrases"
                                                                                              + "languageCode.$"      = "$[0].languageCode"
                                                                                              + "languageCodeScore.$" = "$[0].score"
                                                                                              + "piiEntities.$"       = "$[1].piiEntities"
                                                                                              + "sentiment.$"         = "$[1].sentiment"
                                                                                              + "syntaxTokens.$"      = "$[1].syntaxTokens"
                                                                                              + "targetedSentiment.$" = "$[1].targetedSentiment"
                                                                                              + "toxicContent.$"      = "$[1].toxicContent"
                                                                                            }
                                                                                          + Type           = "Parallel"
                                                                                        }
                                                                                      + InValidLanguageScore        = {
                                                                                          + End  = true
                                                                                          + Type = "Pass"
                                                                                        }
                                                                                    }
                                                                                }
                                                                              + ItemSelector  = {
                                                                                  + "contentLength.$" = "$.s3.object.contentLength"
                                                                                  + "index.$"         = "$$.Map.Item.Index"
                                                                                  + "languageCode.$"  = "$$.Map.Item.Value.LanguageCode"
                                                                                  + "score.$"         = "$$.Map.Item.Value.Score"
                                                                                  + "text.$"          = "$.s3.object.body"
                                                                                }
                                                                              + ItemsPath     = "$.comprehend.Languages"
                                                                              + Type          = "Map"
                                                                            }
                                                                        }
                                                                    },
                                                                ]
                                                              + Next           = "S3PutObjectAndPass"
                                                              + ResultSelector = {
                                                                  + "awsRegion.$"         = "$[0].awsRegion"
                                                                  + "comprehend.$"        = "$[1]"
                                                                  + "eventName.$"         = "$[0].eventName"
                                                                  + "eventSource.$"       = "$[0].eventSource"
                                                                  + "eventTime.$"         = "$[0].eventTime"
                                                                  + "eventVersion.$"      = "$[0].eventVersion"
                                                                  + "requestParameters.$" = "$[0].requestParameters"
                                                                  + "s3.$"                = "$[0].s3"
                                                                  + "userIdentity.$"      = "$[0].userIdentity"
                                                                }
                                                              + Type           = "Parallel"
                                                            }
                                                          + ParallelS3GetObjectAndPass        = {
                                                              + Branches       = [
                                                                  + {
                                                                      + StartAt = "PassThroughInput"
                                                                      + States  = {
                                                                          + PassThroughInput = {
                                                                              + End  = true
                                                                              + Type = "Pass"
                                                                            }
                                                                        }
                                                                    },
                                                                  + {
                                                                      + StartAt = "S3GetObject"
                                                                      + States  = {
                                                                          + S3GetObject = {
                                                                              + End        = true
                                                                              + Parameters = {
                                                                                  + "Bucket.$" = "$.s3.bucket.name"
                                                                                  + "Key.$"    = "$.s3.object.key"
                                                                                }
                                                                              + Resource   = "arn:aws:states:::aws-sdk:s3:getObject"
                                                                              + Type       = "Task"
                                                                            }
                                                                        }
                                                                    },
                                                                ]
                                                              + Next           = "CheckContentLengthForComprehend"
                                                              + ResultSelector = {
                                                                  + "awsRegion.$"         = "$[0].awsRegion"
                                                                  + "eventName.$"         = "$[0].eventName"
                                                                  + "eventSource.$"       = "$[0].eventSource"
                                                                  + "eventTime.$"         = "$[0].eventTime"
                                                                  + "eventVersion.$"      = "$[0].eventVersion"
                                                                  + "requestParameters.$" = "$[0].requestParameters"
                                                                  + s3                    = {
                                                                      + "bucket.$"          = "$[0].s3.bucket"
                                                                      + "configurationId.$" = "$[0].s3.configurationId"
                                                                      + object              = {
                                                                          + "acceptRanges.$"         = "$[1].AcceptRanges"
                                                                          + "body.$"                 = "$[1].Body"
                                                                          + "contentLength.$"        = "$[1].ContentLength"
                                                                          + "contentType.$"          = "$[1].ContentType"
                                                                          + "eTag.$"                 = "$[0].s3.object.eTag"
                                                                          + "key.$"                  = "$[0].s3.object.key"
                                                                          + "lastModified.$"         = "$[1].LastModified"
                                                                          + "metadata.$"             = "$[1].Metadata"
                                                                          + "serverSideEncryption.$" = "$[1].ServerSideEncryption"
                                                                        }
                                                                      + "s3SchemaVersion.$" = "$[0].s3.s3SchemaVersion"
                                                                    }
                                                                  + "userIdentity.$"      = "$[0].userIdentity"
                                                                }
                                                              + Type           = "Parallel"
                                                            }
                                                          + S3PutObjectAndPass                = {
                                                              + Branches = [
                                                                  + {
                                                                      + StartAt = "S3PutObject"
                                                                      + States  = {
                                                                          + S3PutObject = {
                                                                              + End        = true
                                                                              + Parameters = {
                                                                                  + Body       = {
                                                                                      + "awsRegion.$"         = "$.awsRegion"
                                                                                      + "comprehend.$"        = "$.comprehend"
                                                                                      + "createdAt.$"         = "$$.State.EnteredTime"
                                                                                      + "eventName.$"         = "$.eventName"
                                                                                      + "eventSource.$"       = "$.eventSource"
                                                                                      + "eventTime.$"         = "$.eventTime"
                                                                                      + "eventVersion.$"      = "$.eventVersion"
                                                                                      + "requestParameters.$" = "$.requestParameters"
                                                                                      + s3                    = {
                                                                                          + "bucket.$"          = "$.s3.bucket"
                                                                                          + object              = {
                                                                                              + "acceptRanges.$"         = "$.s3.object.acceptRanges"
                                                                                              + "contentLength.$"        = "$.s3.object.contentLength"
                                                                                              + "contentType.$"          = "$.s3.object.contentType"
                                                                                              + "eTag.$"                 = "$.s3.object.eTag"
                                                                                              + "key.$"                  = "$.s3.object.key"
                                                                                              + "lastModified.$"         = "$.s3.object.lastModified"
                                                                                              + "metadata.$"             = "$.s3.object.metadata"
                                                                                              + "serverSideEncryption.$" = "$.s3.object.serverSideEncryption"
                                                                                            }
                                                                                          + "s3SchemaVersion.$" = "$.s3.s3SchemaVersion"
                                                                                        }
                                                                                      + "text.$"              = "$.s3.object.body"
                                                                                      + "userIdentity.$"      = "$.userIdentity"
                                                                                    }
                                                                                  + "Bucket.$" = "$.s3.bucket.name"
                                                                                  + "Key.$"    = "States.Format('${aws_s3_object_key}{}.json', $.s3.object.eTag)"
                                                                                }
                                                                              + Resource   = "arn:aws:states:::aws-sdk:s3:putObject"
                                                                              + Type       = "Task"
                                                                            }
                                                                        }
                                                                    },
                                                                ]
                                                              + End      = true
                                                              + Type     = "Parallel"
                                                            }
                                                        }
                                                    }
                                                  + ItemsPath     = "$.body.Records"
                                                  + Type          = "Map"
                                                }
                                            }
                                        },
                                    ]
                                  + End      = true
                                  + Type     = "Parallel"
                                }
                            }
                        }
                      + Type          = "Map"
                    }
                }
            }
        )
      + description               = (known after apply)
      + id                        = (known after apply)
      + name                      = (known after apply)
      + name_prefix               = (known after apply)
      + publish                   = false
      + region                    = "us-east-1"
      + revision_id               = (known after apply)
      + role_arn                  = (known after apply)
      + state_machine_version_arn = (known after apply)
      + status                    = (known after apply)
      + tags_all                  = (known after apply)
      + type                      = "STANDARD"
      + version_description       = (known after apply)

      + encryption_configuration (known after apply)

      + logging_configuration (known after apply)

      + tracing_configuration (known after apply)
    }

  # aws_sfn_state_machine.datalake will be created
  + resource "aws_sfn_state_machine" "datalake" {
      + arn                       = (known after apply)
      + creation_date             = (known after apply)
      + definition                = jsonencode(
            {
              + StartAt = "ProcessSQSEvent"
              + States  = {
                  + ProcessSQSEvent = {
                      + End           = true
                      + ItemProcessor = {
                          + ProcessorConfig = {
                              + Mode = "INLINE"
                            }
                          + StartAt         = "ParseSQSEventBody"
                          + States          = {
                              + CheckSQSBodyRecords          = {
                                  + Choices = [
                                      + {
                                          + IsPresent = true
                                          + Next      = "ProcessSQSBodyRecordsAndPass"
                                          + Variable  = "$.body.Records"
                                        },
                                    ]
                                  + Default = "InvalidSQSBody"
                                  + Type    = "Choice"
                                }
                              + InvalidSQSBody               = {
                                  + End  = true
                                  + Type = "Pass"
                                }
                              + ParseSQSEventBody            = {
                                  + Next       = "CheckSQSBodyRecords"
                                  + Parameters = {
                                      + "body.$" = "States.StringToJson($.body)"
                                    }
                                  + Type       = "Pass"
                                }
                              + ProcessSQSBodyRecordsAndPass = {
                                  + Branches = [
                                      + {
                                          + StartAt = "ProcessSQSBodyRecords"
                                          + States  = {
                                              + ProcessSQSBodyRecords = {
                                                  + End           = true
                                                  + ItemProcessor = {
                                                      + ProcessorConfig = {
                                                          + Mode = "INLINE"
                                                        }
                                                      + StartAt         = "CheckSQSRecordEvent"
                                                      + States          = {
                                                          + CheckSQSRecordEvent        = {
                                                              + Choices = [
                                                                  + {
                                                                      + Next         = "ParallelS3GetObjectAndPass"
                                                                      + StringEquals = "ObjectCreated:Put"
                                                                      + Variable     = "$.eventName"
                                                                    },
                                                                ]
                                                              + Default = "InvalidSQSRecordEvent"
                                                              + Type    = "Choice"
                                                            }
                                                          + InvalidSQSRecordEvent      = {
                                                              + End  = true
                                                              + Type = "Pass"
                                                            }
                                                          + ParallelS3GetObjectAndPass = {
                                                              + Branches       = [
                                                                  + {
                                                                      + StartAt = "PassThroughInput"
                                                                      + States  = {
                                                                          + PassThroughInput = {
                                                                              + End  = true
                                                                              + Type = "Pass"
                                                                            }
                                                                        }
                                                                    },
                                                                  + {
                                                                      + StartAt = "S3GetObject"
                                                                      + States  = {
                                                                          + S3GetObject = {
                                                                              + End        = true
                                                                              + Parameters = {
                                                                                  + "Bucket.$" = "$.s3.bucket.name"
                                                                                  + "Key.$"    = "$.s3.object.key"
                                                                                }
                                                                              + Resource   = "arn:aws:states:::aws-sdk:s3:getObject"
                                                                              + Type       = "Task"
                                                                            }
                                                                        }
                                                                    },
                                                                ]
                                                              + Next           = "ProcessComprehendRecords"
                                                              + ResultSelector = {
                                                                  + "awsRegion.$"         = "$[0].awsRegion"
                                                                  + "eventName.$"         = "$[0].eventName"
                                                                  + "eventSource.$"       = "$[0].eventSource"
                                                                  + "eventTime.$"         = "$[0].eventTime"
                                                                  + "eventVersion.$"      = "$[0].eventVersion"
                                                                  + "requestParameters.$" = "$[0].requestParameters"
                                                                  + s3                    = {
                                                                      + "bucket.$"          = "$[0].s3.bucket"
                                                                      + "configurationId.$" = "$[0].s3.configurationId"
                                                                      + object              = {
                                                                          + "acceptRanges.$"         = "$[1].AcceptRanges"
                                                                          + "body.$"                 = "States.StringToJson($[1].Body)"
                                                                          + "contentLength.$"        = "$[1].ContentLength"
                                                                          + "contentType.$"          = "$[1].ContentType"
                                                                          + "eTag.$"                 = "$[0].s3.object.eTag"
                                                                          + "key.$"                  = "$[0].s3.object.key"
                                                                          + "lastModified.$"         = "$[1].LastModified"
                                                                          + "metadata.$"             = "$[1].Metadata"
                                                                          + "serverSideEncryption.$" = "$[1].ServerSideEncryption"
                                                                        }
                                                                      + "s3SchemaVersion.$" = "$[0].s3.s3SchemaVersion"
                                                                    }
                                                                  + "userIdentity.$"      = "$[0].userIdentity"
                                                                }
                                                              + Type           = "Parallel"
                                                            }
                                                          + ProcessComprehendRecords   = {
                                                              + End           = true
                                                              + ItemProcessor = {
                                                                  + ProcessorConfig = {
                                                                      + Mode = "INLINE"
                                                                    }
                                                                  + StartAt         = "ParallelProcessComprehendRecord"
                                                                  + States          = {
                                                                      + ParallelProcessComprehendRecord = {
                                                                          + Branches = [
                                                                              + {
                                                                                  + StartAt = "ProcessComprehendEntities"
                                                                                  + States  = {
                                                                                      + ProcessComprehendEntities = {
                                                                                          + End           = true
                                                                                          + ItemProcessor = {
                                                                                              + ProcessorConfig = {
                                                                                                  + Mode = "INLINE"
                                                                                                }
                                                                                              + StartAt         = "PutObjectComprehendEntity"
                                                                                              + States          = {
                                                                                                  + PutObjectComprehendEntity = {
                                                                                                      + End        = true
                                                                                                      + Parameters = {
                                                                                                          + Body       = {
                                                                                                              + "begin_offset.$"        = "$.entity.beginOffset"
                                                                                                              + "comprehend_id.$"       = "$.entity.comprehendId"
                                                                                                              + "created_at.$"          = "$.entity.createdAt"
                                                                                                              + "end_offset.$"          = "$.entity.endOffset"
                                                                                                              + "id.$"                  = "$.entity.id"
                                                                                                              + "index.$"               = "$.entity.index"
                                                                                                              + "language_code.$"       = "$.entity.languageCode"
                                                                                                              + "language_code_score.$" = "$.entity.languageCodeScore"
                                                                                                              + "score.$"               = "$.entity.score"
                                                                                                              + "text.$"                = "$.entity.text"
                                                                                                              + "type.$"                = "$.entity.type"
                                                                                                            }
                                                                                                          + "Bucket.$" = "$.s3.bucket.name"
                                                                                                          + "Key.$"    = "States.Format('${aws_s3_object_key_entity}language={}/category={}/comprehend={}/{}.json', $.entity.languageCode, $.entity.type, $.entity.comprehendId, $.entity.id)"
                                                                                                        }
                                                                                                      + Resource   = "arn:aws:states:::aws-sdk:s3:putObject"
                                                                                                      + Type       = "Task"
                                                                                                    }
                                                                                                }
                                                                                            }
                                                                                          + ItemSelector  = {
                                                                                              + entity = {
                                                                                                  + "beginOffset.$"       = "$$.Map.Item.Value.beginOffset"
                                                                                                  + "comprehendId.$"      = "$.comprehend.id"
                                                                                                  + "createdAt.$"         = "$.createdAt"
                                                                                                  + "endOffset.$"         = "$$.Map.Item.Value.endOffset"
                                                                                                  + "id.$"                = "States.Hash($$.Map.Item.Value, 'MD5')"
                                                                                                  + "index.$"             = "$$.Map.Item.Value.index"
                                                                                                  + "languageCode.$"      = "$.comprehend.languageCode"
                                                                                                  + "languageCodeScore.$" = "$.comprehend.languageCodeScore"
                                                                                                  + "score.$"             = "$$.Map.Item.Value.score"
                                                                                                  + "text.$"              = "$$.Map.Item.Value.text"
                                                                                                  + "type.$"              = "$$.Map.Item.Value.type"
                                                                                                }
                                                                                              + "s3.$" = "$.s3"
                                                                                            }
                                                                                          + ItemsPath     = "$.comprehend.entities"
                                                                                          + Type          = "Map"
                                                                                        }
                                                                                    }
                                                                                },
                                                                              + {
                                                                                  + StartAt = "ProcessComprehendKeyPhrases"
                                                                                  + States  = {
                                                                                      + ProcessComprehendKeyPhrases = {
                                                                                          + End           = true
                                                                                          + ItemProcessor = {
                                                                                              + ProcessorConfig = {
                                                                                                  + Mode = "INLINE"
                                                                                                }
                                                                                              + StartAt         = "PutObjectComprehendKeyPhrase"
                                                                                              + States          = {
                                                                                                  + PutObjectComprehendKeyPhrase = {
                                                                                                      + End        = true
                                                                                                      + Parameters = {
                                                                                                          + Body       = {
                                                                                                              + "begin_offset.$"        = "$.keyPhrase.beginOffset"
                                                                                                              + "comprehend_id.$"       = "$.keyPhrase.comprehendId"
                                                                                                              + "created_at.$"          = "$.keyPhrase.createdAt"
                                                                                                              + "end_offset.$"          = "$.keyPhrase.endOffset"
                                                                                                              + "id.$"                  = "$.keyPhrase.id"
                                                                                                              + "index.$"               = "$.keyPhrase.index"
                                                                                                              + "language_code.$"       = "$.keyPhrase.languageCode"
                                                                                                              + "language_code_score.$" = "$.keyPhrase.languageCodeScore"
                                                                                                              + "score.$"               = "$.keyPhrase.score"
                                                                                                              + "text.$"                = "$.keyPhrase.text"
                                                                                                            }
                                                                                                          + "Bucket.$" = "$.s3.bucket.name"
                                                                                                          + "Key.$"    = "States.Format('${aws_s3_object_key_key_phrase}language={}/comprehend={}/{}.json', $.keyPhrase.languageCode, $.keyPhrase.comprehendId, $.keyPhrase.id)"
                                                                                                        }
                                                                                                      + Resource   = "arn:aws:states:::aws-sdk:s3:putObject"
                                                                                                      + Type       = "Task"
                                                                                                    }
                                                                                                }
                                                                                            }
                                                                                          + ItemSelector  = {
                                                                                              + keyPhrase = {
                                                                                                  + "beginOffset.$"       = "$$.Map.Item.Value.beginOffset"
                                                                                                  + "comprehendId.$"      = "$.comprehend.id"
                                                                                                  + "createdAt.$"         = "$.createdAt"
                                                                                                  + "endOffset.$"         = "$$.Map.Item.Value.endOffset"
                                                                                                  + "id.$"                = "States.Hash($$.Map.Item.Value, 'MD5')"
                                                                                                  + "index.$"             = "$$.Map.Item.Value.index"
                                                                                                  + "languageCode.$"      = "$.comprehend.languageCode"
                                                                                                  + "languageCodeScore.$" = "$.comprehend.languageCodeScore"
                                                                                                  + "score.$"             = "$$.Map.Item.Value.score"
                                                                                                  + "text.$"              = "$$.Map.Item.Value.text"
                                                                                                }
                                                                                              + "s3.$"    = "$.s3"
                                                                                            }
                                                                                          + ItemsPath     = "$.comprehend.keyPhrases"
                                                                                          + Type          = "Map"
                                                                                        }
                                                                                    }
                                                                                },
                                                                              + {
                                                                                  + StartAt = "ProcessComprehendPiiEntities"
                                                                                  + States  = {
                                                                                      + ProcessComprehendPiiEntities = {
                                                                                          + End           = true
                                                                                          + ItemProcessor = {
                                                                                              + ProcessorConfig = {
                                                                                                  + Mode = "INLINE"
                                                                                                }
                                                                                              + StartAt         = "PutObjectComprehendPiiEntity"
                                                                                              + States          = {
                                                                                                  + PutObjectComprehendPiiEntity = {
                                                                                                      + End        = true
                                                                                                      + Parameters = {
                                                                                                          + Body       = {
                                                                                                              + "begin_offset.$"        = "$.piiEntity.beginOffset"
                                                                                                              + "comprehend_id.$"       = "$.piiEntity.comprehendId"
                                                                                                              + "created_at.$"          = "$.piiEntity.createdAt"
                                                                                                              + "end_offset.$"          = "$.piiEntity.endOffset"
                                                                                                              + "id.$"                  = "$.piiEntity.id"
                                                                                                              + "index.$"               = "$.piiEntity.index"
                                                                                                              + "language_code.$"       = "$.piiEntity.languageCode"
                                                                                                              + "language_code_score.$" = "$.piiEntity.languageCodeScore"
                                                                                                              + "score.$"               = "$.piiEntity.score"
                                                                                                              + "type.$"                = "$.piiEntity.type"
                                                                                                            }
                                                                                                          + "Bucket.$" = "$.s3.bucket.name"
                                                                                                          + "Key.$"    = "States.Format('${aws_s3_object_key_pii_entity}language={}/category={}/comprehend={}/{}.json', $.piiEntity.languageCode, $.piiEntity.type, $.piiEntity.comprehendId, $.piiEntity.id)"
                                                                                                        }
                                                                                                      + Resource   = "arn:aws:states:::aws-sdk:s3:putObject"
                                                                                                      + Type       = "Task"
                                                                                                    }
                                                                                                }
                                                                                            }
                                                                                          + ItemSelector  = {
                                                                                              + piiEntity = {
                                                                                                  + "beginOffset.$"       = "$$.Map.Item.Value.beginOffset"
                                                                                                  + "comprehendId.$"      = "$.comprehend.id"
                                                                                                  + "createdAt.$"         = "$.createdAt"
                                                                                                  + "endOffset.$"         = "$$.Map.Item.Value.endOffset"
                                                                                                  + "id.$"                = "States.Hash($$.Map.Item.Value, 'MD5')"
                                                                                                  + "index.$"             = "$$.Map.Item.Value.index"
                                                                                                  + "languageCode.$"      = "$.comprehend.languageCode"
                                                                                                  + "languageCodeScore.$" = "$.comprehend.languageCodeScore"
                                                                                                  + "score.$"             = "$$.Map.Item.Value.score"
                                                                                                  + "type.$"              = "$$.Map.Item.Value.type"
                                                                                                }
                                                                                              + "s3.$"    = "$.s3"
                                                                                            }
                                                                                          + ItemsPath     = "$.comprehend.piiEntities"
                                                                                          + Type          = "Map"
                                                                                        }
                                                                                    }
                                                                                },
                                                                              + {
                                                                                  + StartAt = "ParallelProcessComprehendSentiment"
                                                                                  + States  = {
                                                                                      + ParallelProcessComprehendSentiment = {
                                                                                          + Branches   = [
                                                                                              + {
                                                                                                  + StartAt = "PutObjectComprehendSentiment"
                                                                                                  + States  = {
                                                                                                      + PutObjectComprehendSentiment = {
                                                                                                          + End        = true
                                                                                                          + Parameters = {
                                                                                                              + Body       = {
                                                                                                                  + "comprehend_id.$"       = "$.sentiment.comprehendId"
                                                                                                                  + "createdAt.$"           = "$.sentiment.createdAt"
                                                                                                                  + "id.$"                  = "$.sentiment.id"
                                                                                                                  + "language_code.$"       = "$.sentiment.languageCode"
                                                                                                                  + "language_code_score.$" = "$.sentiment.languageCodeScore"
                                                                                                                  + "sentiment.$"           = "$.sentiment.sentiment"
                                                                                                                }
                                                                                                              + "Bucket.$" = "$.s3.bucket.name"
                                                                                                              + "Key.$"    = "States.Format('${aws_s3_object_key_sentiment}language={}/category={}/comprehend={}/{}.json', $.sentiment.languageCode, $.sentiment.sentiment, $.sentiment.comprehendId, $.sentiment.id)"
                                                                                                            }
                                                                                                          + Resource   = "arn:aws:states:::aws-sdk:s3:putObject"
                                                                                                          + Type       = "Task"
                                                                                                        }
                                                                                                    }
                                                                                                },
                                                                                              + {
                                                                                                  + StartAt = "PutObjectComprehendSentimentScore"
                                                                                                  + States  = {
                                                                                                      + PutObjectComprehendSentimentScore = {
                                                                                                          + End        = true
                                                                                                          + Parameters = {
                                                                                                              + Body       = {
                                                                                                                  + "comprehend_id.$"       = "$.sentiment.comprehendId"
                                                                                                                  + "createdAt.$"           = "$.sentiment.createdAt"
                                                                                                                  + "id.$"                  = "$.sentiment.sentimentScore.id"
                                                                                                                  + "language_code.$"       = "$.sentiment.languageCode"
                                                                                                                  + "language_code_score.$" = "$.sentiment.languageCodeScore"
                                                                                                                  + "mixed.$"               = "$.sentiment.sentimentScore.mixed"
                                                                                                                  + "negative.$"            = "$.sentiment.sentimentScore.negative"
                                                                                                                  + "neutral.$"             = "$.sentiment.sentimentScore.neutral"
                                                                                                                  + "positive.$"            = "$.sentiment.sentimentScore.positive"
                                                                                                                  + "sentiment_id.$"        = "$.sentiment.id"
                                                                                                                }
                                                                                                              + "Bucket.$" = "$.s3.bucket.name"
                                                                                                              + "Key.$"    = "States.Format('${aws_s3_object_key_sentiment_score}language={}/sentiment={}/comprehend={}/{}.json', $.sentiment.languageCode, $.sentiment.id, $.sentiment.comprehendId, $.sentiment.sentimentScore.id)"
                                                                                                            }
                                                                                                          + Resource   = "arn:aws:states:::aws-sdk:s3:putObject"
                                                                                                          + Type       = "Task"
                                                                                                        }
                                                                                                    }
                                                                                                },
                                                                                            ]
                                                                                          + End        = true
                                                                                          + Parameters = {
                                                                                              + "s3.$"    = "$.s3"
                                                                                              + sentiment = {
                                                                                                  + "comprehendId.$"      = "$.comprehend.id"
                                                                                                  + "createdAt.$"         = "$.createdAt"
                                                                                                  + "id.$"                = "States.Hash($.comprehend.sentiment, 'MD5')"
                                                                                                  + "languageCode.$"      = "$.comprehend.languageCode"
                                                                                                  + "languageCodeScore.$" = "$.comprehend.languageCodeScore"
                                                                                                  + "sentiment.$"         = "$.comprehend.sentiment.sentiment"
                                                                                                  + sentimentScore        = {
                                                                                                      + "id.$"       = "States.Hash($.comprehend.sentiment.sentimentScore, 'MD5')"
                                                                                                      + "mixed.$"    = "$.comprehend.sentiment.sentimentScore.mixed"
                                                                                                      + "negative.$" = "$.comprehend.sentiment.sentimentScore.negative"
                                                                                                      + "neutral.$"  = "$.comprehend.sentiment.sentimentScore.neutral"
                                                                                                      + "positive.$" = "$.comprehend.sentiment.sentimentScore.positive"
                                                                                                    }
                                                                                                }
                                                                                            }
                                                                                          + Type       = "Parallel"
                                                                                        }
                                                                                    }
                                                                                },
                                                                              + {
                                                                                  + StartAt = "ProcessComprehendSyntaxTokens"
                                                                                  + States  = {
                                                                                      + ProcessComprehendSyntaxTokens = {
                                                                                          + End           = true
                                                                                          + ItemProcessor = {
                                                                                              + ProcessorConfig = {
                                                                                                  + Mode = "INLINE"
                                                                                                }
                                                                                              + StartAt         = "ParallelProcessComprehendSyntaxToken"
                                                                                              + States          = {
                                                                                                  + ParallelProcessComprehendSyntaxToken = {
                                                                                                      + Branches = [
                                                                                                          + {
                                                                                                              + StartAt = "PutObjectComprehendSyntaxToken"
                                                                                                              + States  = {
                                                                                                                  + PutObjectComprehendSyntaxToken = {
                                                                                                                      + End        = true
                                                                                                                      + Parameters = {
                                                                                                                          + Body       = {
                                                                                                                              + "begin_offset.$"        = "$.syntaxToken.beginOffset"
                                                                                                                              + "comprehend_id.$"       = "$.syntaxToken.comprehendId"
                                                                                                                              + "createdAt.$"           = "$.syntaxToken.createdAt"
                                                                                                                              + "end_offset.$"          = "$.syntaxToken.endOffset"
                                                                                                                              + "id.$"                  = "$.syntaxToken.id"
                                                                                                                              + "index.$"               = "$.syntaxToken.index"
                                                                                                                              + "language_code.$"       = "$.syntaxToken.languageCode"
                                                                                                                              + "language_code_score.$" = "$.syntaxToken.languageCodeScore"
                                                                                                                              + "text.$"                = "$.syntaxToken.text"
                                                                                                                              + "token_id.$"            = "$.syntaxToken.tokenId"
                                                                                                                            }
                                                                                                                          + "Bucket.$" = "$.s3.bucket.name"
                                                                                                                          + "Key.$"    = "States.Format('${aws_s3_object_key_syntax_token}language={}/token={}/comprehend={}/{}.json', $.syntaxToken.languageCode, $.syntaxToken.tokenId, $.syntaxToken.comprehendId, $.syntaxToken.id)"
                                                                                                                        }
                                                                                                                      + Resource   = "arn:aws:states:::aws-sdk:s3:putObject"
                                                                                                                      + Type       = "Task"
                                                                                                                    }
                                                                                                                }
                                                                                                            },
                                                                                                          + {
                                                                                                              + StartAt = "PutObjectComprehendSyntaxTokenPartOfSpeech"
                                                                                                              + States  = {
                                                                                                                  + PutObjectComprehendSyntaxTokenPartOfSpeech = {
                                                                                                                      + End        = true
                                                                                                                      + Parameters = {
                                                                                                                          + Body       = {
                                                                                                                              + "comprehend_id.$"       = "$.syntaxToken.comprehendId"
                                                                                                                              + "created_at.$"          = "$.syntaxToken.createdAt"
                                                                                                                              + "id.$"                  = "$.syntaxToken.partOfSpeech.id"
                                                                                                                              + "language_code.$"       = "$.syntaxToken.languageCode"
                                                                                                                              + "language_code_score.$" = "$.syntaxToken.languageCodeScore"
                                                                                                                              + "score.$"               = "$.syntaxToken.partOfSpeech.score"
                                                                                                                              + "syntax_token_id.$"     = "$.syntaxToken.id"
                                                                                                                              + "tag.$"                 = "$.syntaxToken.partOfSpeech.tag"
                                                                                                                            }
                                                                                                                          + "Bucket.$" = "$.s3.bucket.name"
                                                                                                                          + "Key.$"    = "States.Format('${aws_s3_object_key_syntax_token_part_of_speech}language={}/category={}/syntax_token={}/comprehend={}/{}.json', $.syntaxToken.languageCode, $.syntaxToken.partOfSpeech.tag, $.syntaxToken.id, $.syntaxToken.comprehendId, $.syntaxToken.partOfSpeech.id)"
                                                                                                                        }
                                                                                                                      + Resource   = "arn:aws:states:::aws-sdk:s3:putObject"
                                                                                                                      + Type       = "Task"
                                                                                                                    }
                                                                                                                }
                                                                                                            },
                                                                                                        ]
                                                                                                      + End      = true
                                                                                                      + Type     = "Parallel"
                                                                                                    }
                                                                                                }
                                                                                            }
                                                                                          + ItemSelector  = {
                                                                                              + "s3.$"      = "$.s3"
                                                                                              + syntaxToken = {
                                                                                                  + "beginOffset.$"       = "$$.Map.Item.Value.beginOffset"
                                                                                                  + "comprehendId.$"      = "$.comprehend.id"
                                                                                                  + "createdAt.$"         = "$.createdAt"
                                                                                                  + "endOffset.$"         = "$$.Map.Item.Value.endOffset"
                                                                                                  + "id.$"                = "States.Hash($$.Map.Item.Value, 'MD5')"
                                                                                                  + "index.$"             = "$$.Map.Item.Value.index"
                                                                                                  + "languageCode.$"      = "$.comprehend.languageCode"
                                                                                                  + "languageCodeScore.$" = "$.comprehend.languageCodeScore"
                                                                                                  + partOfSpeech          = {
                                                                                                      + "id.$"    = "States.Hash($$.Map.Item.Value.partOfSpeech, 'MD5')"
                                                                                                      + "score.$" = "$$.Map.Item.Value.partOfSpeech.score"
                                                                                                      + "tag.$"   = "$$.Map.Item.Value.partOfSpeech.tag"
                                                                                                    }
                                                                                                  + "text.$"              = "$$.Map.Item.Value.text"
                                                                                                  + "tokenId.$"           = "$$.Map.Item.Value.tokenId"
                                                                                                }
                                                                                            }
                                                                                          + ItemsPath     = "$.comprehend.syntaxTokens"
                                                                                          + Type          = "Map"
                                                                                        }
                                                                                    }
                                                                                },
                                                                              + {
                                                                                  + StartAt = "ProcessComprehendTargetedSentiment"
                                                                                  + States  = {
                                                                                      + ProcessComprehendTargetedSentiment = {
                                                                                          + End           = true
                                                                                          + ItemProcessor = {
                                                                                              + ProcessorConfig = {
                                                                                                  + Mode = "INLINE"
                                                                                                }
                                                                                              + StartAt         = "ParallelProcessComprehendTargetedSentiment"
                                                                                              + States          = {
                                                                                                  + ParallelProcessComprehendTargetedSentiment = {
                                                                                                      + Branches = [
                                                                                                          + {
                                                                                                              + StartAt = "PutObjectComprehendTargetedSentiment"
                                                                                                              + States  = {
                                                                                                                  + PutObjectComprehendTargetedSentiment = {
                                                                                                                      + End        = true
                                                                                                                      + Parameters = {
                                                                                                                          + Body       = {
                                                                                                                              + "comprehend_id.$"       = "$.targetedSentiment.comprehendId"
                                                                                                                              + "created_at.$"          = "$.targetedSentiment.createdAt"
                                                                                                                              + "id.$"                  = "$.targetedSentiment.id"
                                                                                                                              + "index.$"               = "$.targetedSentiment.index"
                                                                                                                              + "language_code.$"       = "$.targetedSentiment.languageCode"
                                                                                                                              + "language_code_score.$" = "$.targetedSentiment.languageCodeScore"
                                                                                                                            }
                                                                                                                          + "Bucket.$" = "$.s3.bucket.name"
                                                                                                                          + "Key.$"    = "States.Format('${aws_s3_object_key_targeted_sentiment}language={}/comprehend={}/{}.json', $.targetedSentiment.languageCode, $.targetedSentiment.comprehendId, $.targetedSentiment.id)"
                                                                                                                        }
                                                                                                                      + Resource   = "arn:aws:states:::aws-sdk:s3:putObject"
                                                                                                                      + Type       = "Task"
                                                                                                                    }
                                                                                                                }
                                                                                                            },
                                                                                                          + {
                                                                                                              + StartAt = "ProcessComprehendTargetedSentimentDescriptiveIndex"
                                                                                                              + States  = {
                                                                                                                  + ProcessComprehendTargetedSentimentDescriptiveIndex = {
                                                                                                                      + End           = true
                                                                                                                      + ItemProcessor = {
                                                                                                                          + ProcessorConfig = {
                                                                                                                              + Mode = "INLINE"
                                                                                                                            }
                                                                                                                          + StartAt         = "PutObjectComprehendTargetedSentimentDescriptiveIndex"
                                                                                                                          + States          = {
                                                                                                                              + PutObjectComprehendTargetedSentimentDescriptiveIndex = {
                                                                                                                                  + End        = true
                                                                                                                                  + Parameters = {
                                                                                                                                      + Body       = {
                                                                                                                                          + "comprehend_id.$"         = "$.descriptiveMentionIndex.comprehendId"
                                                                                                                                          + "created_at.$"            = "$.descriptiveMentionIndex.createdAt"
                                                                                                                                          + "id.$"                    = "$.descriptiveMentionIndex.id"
                                                                                                                                          + "index.$"                 = "$.descriptiveMentionIndex.index"
                                                                                                                                          + "language_code.$"         = "$.descriptiveMentionIndex.languageCode"
                                                                                                                                          + "language_code_score.$"   = "$.descriptiveMentionIndex.languageCodeScore"
                                                                                                                                          + "targeted_sentiment_id.$" = "$.descriptiveMentionIndex.targetedSentimentId"
                                                                                                                                          + "value.$"                 = "$.descriptiveMentionIndex.value"
                                                                                                                                        }
                                                                                                                                      + "Bucket.$" = "$.s3.bucket.name"
                                                                                                                                      + "Key.$"    = "States.Format('${aws_s3_object_key_targeted_sentiment_descriptive_mention}language={}/targeted_sentiment={}/comprehend={}/{}.json', $.descriptiveMentionIndex.languageCode, $.descriptiveMentionIndex.targetedSentimentId, $.descriptiveMentionIndex.comprehendId, $.descriptiveMentionIndex.id)"
                                                                                                                                    }
                                                                                                                                  + Resource   = "arn:aws:states:::aws-sdk:s3:putObject"
                                                                                                                                  + Type       = "Task"
                                                                                                                                }
                                                                                                                            }
                                                                                                                        }
                                                                                                                      + ItemSelector  = {
                                                                                                                          + descriptiveMentionIndex = {
                                                                                                                              + "comprehendId.$"        = "$.targetedSentiment.id"
                                                                                                                              + "createdAt.$"           = "$.targetedSentiment.createdAt"
                                                                                                                              + "id.$"                  = "States.Hash($$.Map.Item.Value, 'MD5')"
                                                                                                                              + "index.$"               = "$$.Map.Item.Value.index"
                                                                                                                              + "languageCode.$"        = "$.targetedSentiment.languageCode"
                                                                                                                              + "languageCodeScore.$"   = "$.targetedSentiment.languageCodeScore"
                                                                                                                              + "targetedSentimentId.$" = "$.targetedSentiment.id"
                                                                                                                              + "value.$"               = "$$.Map.Item.Value.value"
                                                                                                                            }
                                                                                                                          + "s3.$"                  = "$.s3"
                                                                                                                        }
                                                                                                                      + ItemsPath     = "$.targetedSentiment.descriptiveMentionIndex"
                                                                                                                      + Type          = "Map"
                                                                                                                    }
                                                                                                                }
                                                                                                            },
                                                                                                          + {
                                                                                                              + StartAt = "ProcessComprehendTargetedSentimentMention"
                                                                                                              + States  = {
                                                                                                                  + ProcessComprehendTargetedSentimentMention = {
                                                                                                                      + End           = true
                                                                                                                      + ItemProcessor = {
                                                                                                                          + ProcessorConfig = {
                                                                                                                              + Mode = "INLINE"
                                                                                                                            }
                                                                                                                          + StartAt         = "ParallelProcessComprehendTargetedSentimentMention"
                                                                                                                          + States          = {
                                                                                                                              + ParallelProcessComprehendTargetedSentimentMention = {
                                                                                                                                  + Branches = [
                                                                                                                                      + {
                                                                                                                                          + StartAt = "PutObjectComprehendTargetedSentimentMention"
                                                                                                                                          + States  = {
                                                                                                                                              + PutObjectComprehendTargetedSentimentMention = {
                                                                                                                                                  + End        = true
                                                                                                                                                  + Parameters = {
                                                                                                                                                      + Body       = {
                                                                                                                                                          + "begin_offset.$"          = "$.mention.beginOffset"
                                                                                                                                                          + "comprehend_id.$"         = "$.mention.comprehendId"
                                                                                                                                                          + "created_at.$"            = "$.mention.createdAt"
                                                                                                                                                          + "end_offset.$"            = "$.mention.endOffset"
                                                                                                                                                          + "group_score.$"           = "$.mention.groupScore"
                                                                                                                                                          + "id.$"                    = "$.mention.id"
                                                                                                                                                          + "index.$"                 = "$.mention.index"
                                                                                                                                                          + "language_code.$"         = "$.mention.languageCode"
                                                                                                                                                          + "language_code_score.$"   = "$.mention.languageCodeScore"
                                                                                                                                                          + "score.$"                 = "$.mention.score"
                                                                                                                                                          + "targeted_sentiment_id.$" = "$.mention.targetedSentimentId"
                                                                                                                                                          + "text.$"                  = "$.mention.text"
                                                                                                                                                          + "type.$"                  = "$.mention.type"
                                                                                                                                                        }
                                                                                                                                                      + "Bucket.$" = "$.s3.bucket.name"
                                                                                                                                                      + "Key.$"    = "States.Format('${aws_s3_object_key_targeted_sentiment_mention}language={}/category={}/targeted_sentiment={}/comprehend={}/{}.json', $.mention.languageCode, $.mention.type, $.mention.targetedSentimentId, $.mention.comprehendId, $.mention.id)"
                                                                                                                                                    }
                                                                                                                                                  + Resource   = "arn:aws:states:::aws-sdk:s3:putObject"
                                                                                                                                                  + Type       = "Task"
                                                                                                                                                }
                                                                                                                                            }
                                                                                                                                        },
                                                                                                                                      + {
                                                                                                                                          + StartAt = "PutObjectComprehendTargetedSentimentMentionSentiment"
                                                                                                                                          + States  = {
                                                                                                                                              + PutObjectComprehendTargetedSentimentMentionSentiment = {
                                                                                                                                                  + End        = true
                                                                                                                                                  + Parameters = {
                                                                                                                                                      + Body       = {
                                                                                                                                                          + "comprehend_id.$"                 = "$.mention.comprehendId"
                                                                                                                                                          + "created_at.$"                    = "$.mention.createdAt"
                                                                                                                                                          + "id.$"                            = "$.mention.mentionSentiment.id"
                                                                                                                                                          + "language_code.$"                 = "$.mention.languageCode"
                                                                                                                                                          + "language_code_score.$"           = "$.mention.languageCodeScore"
                                                                                                                                                          + "sentiment.$"                     = "$.mention.mentionSentiment.sentiment"
                                                                                                                                                          + "targeted_sentiment_mention_id.$" = "$.mention.id"
                                                                                                                                                        }
                                                                                                                                                      + "Bucket.$" = "$.s3.bucket.name"
                                                                                                                                                      + "Key.$"    = "States.Format('${aws_s3_object_key_targeted_sentiment_mention_sentiment}language={}/category={}/targeted_sentiment_mention={}/targeted_sentiment={}/comprehend={}/{}.json', $.mention.languageCode, $.mention.mentionSentiment.sentiment, $.mention.id, $.mention.targetedSentimentId, $.mention.comprehendId, $.mention.mentionSentiment.id)"
                                                                                                                                                    }
                                                                                                                                                  + Resource   = "arn:aws:states:::aws-sdk:s3:putObject"
                                                                                                                                                  + Type       = "Task"
                                                                                                                                                }
                                                                                                                                            }
                                                                                                                                        },
                                                                                                                                      + {
                                                                                                                                          + StartAt = "PutObjectComprehendTargetedSentimentMentionMentionSentimentSentimentScore"
                                                                                                                                          + States  = {
                                                                                                                                              + PutObjectComprehendTargetedSentimentMentionMentionSentimentSentimentScore = {
                                                                                                                                                  + End        = true
                                                                                                                                                  + Parameters = {
                                                                                                                                                      + Body       = {
                                                                                                                                                          + "comprehend_id.$"                           = "$.mention.comprehendId"
                                                                                                                                                          + "created_at.$"                              = "$.mention.createdAt"
                                                                                                                                                          + "id.$"                                      = "$.mention.mentionSentiment.sentimentScore.id"
                                                                                                                                                          + "language_code.$"                           = "$.mention.languageCode"
                                                                                                                                                          + "language_code_score.$"                     = "$.mention.languageCodeScore"
                                                                                                                                                          + "mixed.$"                                   = "$.mention.mentionSentiment.sentimentScore.mixed"
                                                                                                                                                          + "negative.$"                                = "$.mention.mentionSentiment.sentimentScore.negative"
                                                                                                                                                          + "neutral.$"                                 = "$.mention.mentionSentiment.sentimentScore.neutral"
                                                                                                                                                          + "positive.$"                                = "$.mention.mentionSentiment.sentimentScore.positive"
                                                                                                                                                          + "targeted_sentiment_id.$"                   = "$.mention.targetedSentimentId"
                                                                                                                                                          + "targeted_sentiment_mention_sentiment_id.$" = "$.mention.mentionSentiment.id"
                                                                                                                                                        }
                                                                                                                                                      + "Bucket.$" = "$.s3.bucket.name"
                                                                                                                                                      + "Key.$"    = "States.Format('${aws_s3_object_key_targeted_sentiment_mention_sentiment_score}language={}/targeted_sentiment_mention_sentiment={}/targeted_sentiment_mention={}/targeted_sentiment={}/comprehend={}/{}.json', $.mention.languageCode, $.mention.mentionSentiment.id, $.mention.id, $.mention.targetedSentimentId, $.mention.comprehendId, $.mention.mentionSentiment.sentimentScore.id)"
                                                                                                                                                    }
                                                                                                                                                  + Resource   = "arn:aws:states:::aws-sdk:s3:putObject"
                                                                                                                                                  + Type       = "Task"
                                                                                                                                                }
                                                                                                                                            }
                                                                                                                                        },
                                                                                                                                    ]
                                                                                                                                  + End      = true
                                                                                                                                  + Type     = "Parallel"
                                                                                                                                }
                                                                                                                            }
                                                                                                                        }
                                                                                                                      + ItemSelector  = {
                                                                                                                          + mention = {
                                                                                                                              + "beginOffset.$"         = "$$.Map.Item.Value.beginOffset"
                                                                                                                              + "comprehendId.$"        = "$.targetedSentiment.id"
                                                                                                                              + "createdAt.$"           = "$.targetedSentiment.createdAt"
                                                                                                                              + "endOffset.$"           = "$$.Map.Item.Value.endOffset"
                                                                                                                              + "groupScore.$"          = "$$.Map.Item.Value.groupScore"
                                                                                                                              + "id.$"                  = "States.Hash($$.Map.Item.Value, 'MD5')"
                                                                                                                              + "index.$"               = "$$.Map.Item.Value.index"
                                                                                                                              + "languageCode.$"        = "$.targetedSentiment.languageCode"
                                                                                                                              + "languageCodeScore.$"   = "$.targetedSentiment.languageCodeScore"
                                                                                                                              + mentionSentiment        = {
                                                                                                                                  + "id.$"         = "States.Hash($$.Map.Item.Value.mentionSentiment, 'MD5')"
                                                                                                                                  + "sentiment.$"  = "$$.Map.Item.Value.mentionSentiment.sentiment"
                                                                                                                                  + sentimentScore = {
                                                                                                                                      + "id.$"       = "States.Hash($$.Map.Item.Value.mentionSentiment.sentimentScore, 'MD5')"
                                                                                                                                      + "mixed.$"    = "$$.Map.Item.Value.mentionSentiment.sentimentScore.mixed"
                                                                                                                                      + "negative.$" = "$$.Map.Item.Value.mentionSentiment.sentimentScore.negative"
                                                                                                                                      + "neutral.$"  = "$$.Map.Item.Value.mentionSentiment.sentimentScore.neutral"
                                                                                                                                      + "positive.$" = "$$.Map.Item.Value.mentionSentiment.sentimentScore.positive"
                                                                                                                                    }
                                                                                                                                }
                                                                                                                              + "score.$"               = "$$.Map.Item.Value.score"
                                                                                                                              + "targetedSentimentId.$" = "$.targetedSentiment.id"
                                                                                                                              + "text.$"                = "$$.Map.Item.Value.text"
                                                                                                                              + "type.$"                = "$$.Map.Item.Value.type"
                                                                                                                            }
                                                                                                                          + "s3.$"  = "$.s3"
                                                                                                                        }
                                                                                                                      + ItemsPath     = "$.targetedSentiment.mentions"
                                                                                                                      + Type          = "Map"
                                                                                                                    }
                                                                                                                }
                                                                                                            },
                                                                                                        ]
                                                                                                      + End      = true
                                                                                                      + Type     = "Parallel"
                                                                                                    }
                                                                                                }
                                                                                            }
                                                                                          + ItemSelector  = {
                                                                                              + "s3.$"            = "$.s3"
                                                                                              + targetedSentiment = {
                                                                                                  + "comprehendId.$"            = "$.comprehend.id"
                                                                                                  + "createdAt.$"               = "$.createdAt"
                                                                                                  + "descriptiveMentionIndex.$" = "$$.Map.Item.Value.descriptiveMentionIndex"
                                                                                                  + "id.$"                      = "States.Hash($$.Map.Item.Value, 'MD5')"
                                                                                                  + "index.$"                   = "$$.Map.Item.Value.index"
                                                                                                  + "languageCode.$"            = "$.comprehend.languageCode"
                                                                                                  + "languageCodeScore.$"       = "$.comprehend.languageCodeScore"
                                                                                                  + "mentions.$"                = "$$.Map.Item.Value.mentions"
                                                                                                }
                                                                                            }
                                                                                          + ItemsPath     = "$.comprehend.targetedSentiment"
                                                                                          + Type          = "Map"
                                                                                        }
                                                                                    }
                                                                                },
                                                                              + {
                                                                                  + StartAt = "ProcessComprehendToxicContent"
                                                                                  + States  = {
                                                                                      + ProcessComprehendToxicContent = {
                                                                                          + End           = true
                                                                                          + ItemProcessor = {
                                                                                              + ProcessorConfig = {
                                                                                                  + Mode = "INLINE"
                                                                                                }
                                                                                              + StartAt         = "ParallelProcessComprehendToxicContent"
                                                                                              + States          = {
                                                                                                  + ParallelProcessComprehendToxicContent = {
                                                                                                      + Branches = [
                                                                                                          + {
                                                                                                              + StartAt = "PutObjectComprehendToxicContent"
                                                                                                              + States  = {
                                                                                                                  + PutObjectComprehendToxicContent = {
                                                                                                                      + End        = true
                                                                                                                      + Parameters = {
                                                                                                                          + Body       = {
                                                                                                                              + "comprehend_id.$"       = "$.toxicContent.comprehendId"
                                                                                                                              + "created_at.$"          = "$.toxicContent.createdAt"
                                                                                                                              + "id.$"                  = "$.toxicContent.id"
                                                                                                                              + "index.$"               = "$.toxicContent.index"
                                                                                                                              + "language_code.$"       = "$.toxicContent.languageCode"
                                                                                                                              + "language_code_score.$" = "$.toxicContent.languageCodeScore"
                                                                                                                              + "toxicity.$"            = "$.toxicContent.toxicity"
                                                                                                                            }
                                                                                                                          + "Bucket.$" = "$.s3.bucket.name"
                                                                                                                          + "Key.$"    = "States.Format('${aws_s3_object_key_toxic_content}language={}/comprehend={}/{}.json', $.toxicContent.languageCode, $.toxicContent.comprehendId, $.toxicContent.id)"
                                                                                                                        }
                                                                                                                      + Resource   = "arn:aws:states:::aws-sdk:s3:putObject"
                                                                                                                      + Type       = "Task"
                                                                                                                    }
                                                                                                                }
                                                                                                            },
                                                                                                          + {
                                                                                                              + StartAt = "ProcessComprehendToxicContentLabel"
                                                                                                              + States  = {
                                                                                                                  + ProcessComprehendToxicContentLabel = {
                                                                                                                      + End           = true
                                                                                                                      + ItemProcessor = {
                                                                                                                          + ProcessorConfig = {
                                                                                                                              + Mode = "INLINE"
                                                                                                                            }
                                                                                                                          + StartAt         = "PutObjectComprehendToxicContentLabel"
                                                                                                                          + States          = {
                                                                                                                              + PutObjectComprehendToxicContentLabel = {
                                                                                                                                  + End        = true
                                                                                                                                  + Parameters = {
                                                                                                                                      + Body       = {
                                                                                                                                          + "comprehend_id.$"       = "$.label.comprehendId"
                                                                                                                                          + "created_at.$"          = "$.label.createdAt"
                                                                                                                                          + "id.$"                  = "$.label.id"
                                                                                                                                          + "index.$"               = "$.label.index"
                                                                                                                                          + "language_code.$"       = "$.label.languageCode"
                                                                                                                                          + "language_code_score.$" = "$.label.languageCodeScore"
                                                                                                                                          + "name.$"                = "$.label.name"
                                                                                                                                          + "score.$"               = "$.label.score"
                                                                                                                                          + "toxic_content_id.$"    = "$.label.toxicContentId"
                                                                                                                                        }
                                                                                                                                      + "Bucket.$" = "$.s3.bucket.name"
                                                                                                                                      + "Key.$"    = "States.Format('${aws_s3_object_key_toxic_content_label}language={}/category={}/toxic_content={}/comprehend={}/{}.json', $.label.languageCode, $.label.name, $.label.toxicContentId, $.label.comprehendId, $.label.id)"
                                                                                                                                    }
                                                                                                                                  + Resource   = "arn:aws:states:::aws-sdk:s3:putObject"
                                                                                                                                  + Type       = "Task"
                                                                                                                                }
                                                                                                                            }
                                                                                                                        }
                                                                                                                      + ItemSelector  = {
                                                                                                                          + label  = {
                                                                                                                              + "comprehendId.$"      = "$.toxicContent.comprehendId"
                                                                                                                              + "createdAt.$"         = "$.toxicContent.createdAt"
                                                                                                                              + "id.$"                = "States.Hash($$.Map.Item.Value, 'MD5')"
                                                                                                                              + "index.$"             = "$$.Map.Item.Value.index"
                                                                                                                              + "languageCode.$"      = "$.toxicContent.languageCode"
                                                                                                                              + "languageCodeScore.$" = "$.toxicContent.languageCodeScore"
                                                                                                                              + "name.$"              = "$$.Map.Item.Value.name"
                                                                                                                              + "score.$"             = "$$.Map.Item.Value.score"
                                                                                                                              + "toxicContentId.$"    = "$.toxicContent.id"
                                                                                                                            }
                                                                                                                          + "s3.$" = "$.s3"
                                                                                                                        }
                                                                                                                      + ItemsPath     = "$.toxicContent.labels"
                                                                                                                      + Type          = "Map"
                                                                                                                    }
                                                                                                                }
                                                                                                            },
                                                                                                        ]
                                                                                                      + End      = true
                                                                                                      + Type     = "Parallel"
                                                                                                    }
                                                                                                }
                                                                                            }
                                                                                          + ItemSelector  = {
                                                                                              + "s3.$"       = "$.s3"
                                                                                              + toxicContent = {
                                                                                                  + "comprehendId.$"      = "$.comprehend.id"
                                                                                                  + "createdAt.$"         = "$.createdAt"
                                                                                                  + "id.$"                = "States.Hash($$.Map.Item.Value, 'MD5')"
                                                                                                  + "index.$"             = "$$.Map.Item.Value.index"
                                                                                                  + "labels.$"            = "$$.Map.Item.Value.labels"
                                                                                                  + "languageCode.$"      = "$.comprehend.languageCode"
                                                                                                  + "languageCodeScore.$" = "$.comprehend.languageCodeScore"
                                                                                                  + "toxicity.$"          = "$$.Map.Item.Value.toxicity"
                                                                                                }
                                                                                            }
                                                                                          + ItemsPath     = "$.comprehend.toxicContent"
                                                                                          + Type          = "Map"
                                                                                        }
                                                                                    }
                                                                                },
                                                                            ]
                                                                          + End      = true
                                                                          + Type     = "Parallel"
                                                                        }
                                                                    }
                                                                }
                                                              + ItemSelector  = {
                                                                  + comprehend    = {
                                                                      + "entities.$"          = "$$.Map.Item.Value.entities"
                                                                      + "id.$"                = "$.s3.object.body.s3.object.eTag"
                                                                      + "keyPhrases.$"        = "$$.Map.Item.Value.keyPhrases"
                                                                      + "languageCode.$"      = "$$.Map.Item.Value.languageCode"
                                                                      + "languageCodeScore.$" = "$$.Map.Item.Value.languageCodeScore"
                                                                      + "piiEntities.$"       = "$$.Map.Item.Value.piiEntities"
                                                                      + "sentiment.$"         = "$$.Map.Item.Value.sentiment"
                                                                      + "syntaxTokens.$"      = "$$.Map.Item.Value.syntaxTokens"
                                                                      + "targetedSentiment.$" = "$$.Map.Item.Value.targetedSentiment"
                                                                      + "toxicContent.$"      = "$$.Map.Item.Value.toxicContent"
                                                                    }
                                                                  + "createdAt.$" = "$.s3.object.body.createdAt"
                                                                  + s3            = {
                                                                      + "bucket.$" = "$.s3.bucket"
                                                                    }
                                                                }
                                                              + ItemsPath     = "$.s3.object.body.comprehend"
                                                              + Type          = "Map"
                                                            }
                                                        }
                                                    }
                                                  + ItemsPath     = "$.body.Records"
                                                  + Type          = "Map"
                                                }
                                            }
                                        },
                                    ]
                                  + End      = true
                                  + Type     = "Parallel"
                                }
                            }
                        }
                      + Type          = "Map"
                    }
                }
            }
        )
      + description               = (known after apply)
      + id                        = (known after apply)
      + name                      = (known after apply)
      + name_prefix               = (known after apply)
      + publish                   = false
      + region                    = "us-east-1"
      + revision_id               = (known after apply)
      + role_arn                  = (known after apply)
      + state_machine_version_arn = (known after apply)
      + status                    = (known after apply)
      + tags_all                  = (known after apply)
      + type                      = "STANDARD"
      + version_description       = (known after apply)

      + encryption_configuration (known after apply)

      + logging_configuration (known after apply)

      + tracing_configuration (known after apply)
    }

  # aws_sqs_queue.input will be created
  + resource "aws_sqs_queue" "input" {
      + arn                               = (known after apply)
      + content_based_deduplication       = false
      + deduplication_scope               = (known after apply)
      + delay_seconds                     = 0
      + fifo_queue                        = false
      + fifo_throughput_limit             = (known after apply)
      + id                                = (known after apply)
      + kms_data_key_reuse_period_seconds = (known after apply)
      + max_message_size                  = 262144
      + message_retention_seconds         = 345600
      + name                              = (known after apply)
      + name_prefix                       = (known after apply)
      + policy                            = (known after apply)
      + receive_wait_time_seconds         = 0
      + redrive_allow_policy              = (known after apply)
      + redrive_policy                    = (known after apply)
      + region                            = "us-east-1"
      + sqs_managed_sse_enabled           = (known after apply)
      + tags_all                          = (known after apply)
      + url                               = (known after apply)
      + visibility_timeout_seconds        = 30
    }

  # aws_sqs_queue.output will be created
  + resource "aws_sqs_queue" "output" {
      + arn                               = (known after apply)
      + content_based_deduplication       = false
      + deduplication_scope               = (known after apply)
      + delay_seconds                     = 0
      + fifo_queue                        = false
      + fifo_throughput_limit             = (known after apply)
      + id                                = (known after apply)
      + kms_data_key_reuse_period_seconds = (known after apply)
      + max_message_size                  = 262144
      + message_retention_seconds         = 345600
      + name                              = (known after apply)
      + name_prefix                       = (known after apply)
      + policy                            = (known after apply)
      + receive_wait_time_seconds         = 0
      + redrive_allow_policy              = (known after apply)
      + redrive_policy                    = (known after apply)
      + region                            = "us-east-1"
      + sqs_managed_sse_enabled           = (known after apply)
      + tags_all                          = (known after apply)
      + url                               = (known after apply)
      + visibility_timeout_seconds        = 30
    }

  # random_id.suffix will be created
  + resource "random_id" "suffix" {
      + b64_std     = (known after apply)
      + b64_url     = (known after apply)
      + byte_length = 4
      + dec         = (known after apply)
      + hex         = (known after apply)
      + id          = (known after apply)
    }

Plan: 11 to add, 0 to change, 0 to destroy.

Changes to Outputs:
  + comprehend_step_function_arn = (known after apply)
  + datalake_step_function_arn   = (known after apply)
  + input_bucket                 = (known after apply)
  + output_bucket                = (known after apply)
