{"format_version":"1.2","terraform_version":"1.13.5","variables":{"app_name":{"value":"box-game"},"aws_region":{"value":"us-east-1"}},"planned_values":{"outputs":{"cloudfront_domain_name":{"sensitive":false},"s3_bucket_name":{"sensitive":false}},"root_module":{"resources":[{"address":"aws_cloudfront_distribution.static_site","mode":"managed","type":"aws_cloudfront_distribution","name":"static_site","provider_name":"registry.terraform.io/hashicorp/aws","schema_version":1,"values":{"aliases":null,"anycast_ip_list_id":null,"comment":null,"connection_function_association":[],"custom_error_response":[],"default_cache_behavior":[{"allowed_methods":["GET","HEAD"],"cache_policy_id":null,"cached_methods":["GET","HEAD"],"compress":false,"field_level_encryption_id":null,"forwarded_values":[{"cookies":[{"forward":"none"}],"query_string":false}],"function_association":[],"lambda_function_association":[],"min_ttl":0,"origin_request_policy_id":null,"realtime_log_config_arn":null,"response_headers_policy_id":null,"smooth_streaming":null,"target_origin_id":"s3-static-site","viewer_protocol_policy":"redirect-to-https"}],"default_root_object":"index.html","enabled":true,"http_version":"http2","is_ipv6_enabled":false,"logging_config":[],"ordered_cache_behavior":[],"origin":[{"connection_attempts":3,"connection_timeout":10,"custom_header":[],"custom_origin_config":[],"origin_id":"s3-static-site","origin_path":"","origin_shield":[],"s3_origin_config":[],"vpc_origin_config":[]}],"origin_group":[],"price_class":"PriceClass_100","restrictions":[{"geo_restriction":[{"restriction_type":"none"}]}],"retain_on_delete":false,"staging":false,"tags":{"Environment":"dev","Name":"box-game"},"tags_all":{"Environment":"dev","Name":"box-game"},"viewer_certificate":[{"acm_certificate_arn":null,"cloudfront_default_certificate":true,"iam_certificate_id":null,"minimum_protocol_version":"TLSv1","ssl_support_method":null}],"viewer_mtls_config":[],"wait_for_deployment":true,"web_acl_id":null},"sensitive_values":{"connection_function_association":[],"custom_error_response":[],"default_cache_behavior":[{"allowed_methods":[false,false],"cached_methods":[false,false],"forwarded_values":[{"cookies":[{"whitelisted_names":[]}],"headers":[],"query_string_cache_keys":[]}],"function_association":[],"grpc_config":[],"lambda_function_association":[],"trusted_key_groups":[],"trusted_signers":[]}],"logging_config":[],"ordered_cache_behavior":[],"origin":[{"custom_header":[],"custom_origin_config":[],"origin_shield":[],"s3_origin_config":[],"vpc_origin_config":[]}],"origin_group":[],"restrictions":[{"geo_restriction":[{"locations":[]}]}],"tags":{},"tags_all":{},"trusted_key_groups":[],"trusted_signers":[],"viewer_certificate":[{}],"viewer_mtls_config":[]}},{"address":"aws_cloudfront_origin_access_control.static_site","mode":"managed","type":"aws_cloudfront_origin_access_control","name":"static_site","provider_name":"registry.terraform.io/hashicorp/aws","schema_version":0,"values":{"description":"OAC for static site","name":"box-game-oac","origin_access_control_origin_type":"s3","signing_behavior":"always","signing_protocol":"sigv4"},"sensitive_values":{}},{"address":"aws_s3_bucket.static_site","mode":"managed","type":"aws_s3_bucket","name":"static_site","provider_name":"registry.terraform.io/hashicorp/aws","schema_version":0,"values":{"force_destroy":true,"region":"us-east-1","tags":{"Environment":"dev","Name":"box-game"},"tags_all":{"Environment":"dev","Name":"box-game"},"timeouts":null},"sensitive_values":{"cors_rule":[],"grant":[],"lifecycle_rule":[],"logging":[],"object_lock_configuration":[],"replication_configuration":[],"server_side_encryption_configuration":[],"tags":{},"tags_all":{},"versioning":[],"website":[]},"identity_schema_version":0,"identity":{"account_id":null,"bucket":null,"region":null}},{"address":"aws_s3_bucket_policy.static_site","mode":"managed","type":"aws_s3_bucket_policy","name":"static_site","provider_name":"registry.terraform.io/hashicorp/aws","schema_version":0,"values":{"region":"us-east-1"},"sensitive_values":{},"identity_schema_version":0,"identity":{"account_id":null,"bucket":null,"region":null}},{"address":"aws_s3_bucket_public_access_block.static_site","mode":"managed","type":"aws_s3_bucket_public_access_block","name":"static_site","provider_name":"registry.terraform.io/hashicorp/aws","schema_version":0,"values":{"block_public_acls":false,"block_public_policy":false,"ignore_public_acls":false,"region":"us-east-1","restrict_public_buckets":false,"skip_destroy":null},"sensitive_values":{},"identity_schema_version":0,"identity":{"account_id":null,"bucket":null,"region":null}},{"address":"data.aws_iam_policy_document.s3_policy","mode":"data","type":"aws_iam_policy_document","name":"s3_policy","provider_name":"registry.terraform.io/hashicorp/aws","schema_version":0,"values":{"override_json":null,"override_policy_documents":null,"policy_id":null,"source_json":null,"source_policy_documents":null,"statement":[{"actions":["s3:GetObject"],"condition":[],"effect":"Allow","not_actions":null,"not_principals":[],"not_resources":null,"principals":[{"identifiers":["*"],"type":"*"}],"resources":[null],"sid":null}],"version":null},"sensitive_values":{"statement":[{"actions":[false],"condition":[],"not_principals":[],"principals":[{"identifiers":[false]}],"resources":[false]}]}},{"address":"random_id.suffix","mode":"managed","type":"random_id","name":"suffix","provider_name":"registry.terraform.io/hashicorp/random","schema_version":0,"values":{"byte_length":4,"keepers":null,"prefix":null},"sensitive_values":{}}]}},"resource_changes":[{"address":"data.aws_iam_policy_document.s3_policy","mode":"data","type":"aws_iam_policy_document","name":"s3_policy","provider_name":"registry.terraform.io/hashicorp/aws","change":{"actions":["read"],"before":null,"after":{"override_json":null,"override_policy_documents":null,"policy_id":null,"source_json":null,"source_policy_documents":null,"statement":[{"actions":["s3:GetObject"],"condition":[],"effect":"Allow","not_actions":null,"not_principals":[],"not_resources":null,"principals":[{"identifiers":["*"],"type":"*"}],"resources":[null],"sid":null}],"version":null},"after_unknown":{"id":true,"json":true,"minified_json":true,"statement":[{"actions":[false],"condition":[],"not_principals":[],"principals":[{"identifiers":[false]}],"resources":[true]}]},"before_sensitive":false,"after_sensitive":{"statement":[{"actions":[false],"condition":[],"not_principals":[],"principals":[{"identifiers":[false]}],"resources":[false]}]}},"action_reason":"read_because_config_unknown"},{"address":"aws_cloudfront_distribution.static_site","mode":"managed","type":"aws_cloudfront_distribution","name":"static_site","provider_name":"registry.terraform.io/hashicorp/aws","change":{"actions":["create"],"before":null,"after":{"aliases":null,"anycast_ip_list_id":null,"comment":null,"connection_function_association":[],"custom_error_response":[],"default_cache_behavior":[{"allowed_methods":["GET","HEAD"],"cache_policy_id":null,"cached_methods":["GET","HEAD"],"compress":false,"field_level_encryption_id":null,"forwarded_values":[{"cookies":[{"forward":"none"}],"query_string":false}],"function_association":[],"lambda_function_association":[],"min_ttl":0,"origin_request_policy_id":null,"realtime_log_config_arn":null,"response_headers_policy_id":null,"smooth_streaming":null,"target_origin_id":"s3-static-site","viewer_protocol_policy":"redirect-to-https"}],"default_root_object":"index.html","enabled":true,"http_version":"http2","is_ipv6_enabled":false,"logging_config":[],"ordered_cache_behavior":[],"origin":[{"connection_attempts":3,"connection_timeout":10,"custom_header":[],"custom_origin_config":[],"origin_id":"s3-static-site","origin_path":"","origin_shield":[],"s3_origin_config":[],"vpc_origin_config":[]}],"origin_group":[],"price_class":"PriceClass_100","restrictions":[{"geo_restriction":[{"restriction_type":"none"}]}],"retain_on_delete":false,"staging":false,"tags":{"Environment":"dev","Name":"box-game"},"tags_all":{"Environment":"dev","Name":"box-game"},"viewer_certificate":[{"acm_certificate_arn":null,"cloudfront_default_certificate":true,"iam_certificate_id":null,"minimum_protocol_version":"TLSv1","ssl_support_method":null}],"viewer_mtls_config":[],"wait_for_deployment":true,"web_acl_id":null},"after_unknown":{"arn":true,"caller_reference":true,"connection_function_association":[],"continuous_deployment_policy_id":true,"custom_error_response":[],"default_cache_behavior":[{"allowed_methods":[false,false],"cached_methods":[false,false],"default_ttl":true,"forwarded_values":[{"cookies":[{"whitelisted_names":true}],"headers":true,"query_string_cache_keys":true}],"function_association":[],"grpc_config":true,"lambda_function_association":[],"max_ttl":true,"trusted_key_groups":true,"trusted_signers":true}],"domain_name":true,"etag":true,"hosted_zone_id":true,"id":true,"in_progress_validation_batches":true,"last_modified_time":true,"logging_config":[],"logging_v1_enabled":true,"ordered_cache_behavior":[],"origin":[{"custom_header":[],"custom_origin_config":[],"domain_name":true,"origin_access_control_id":true,"origin_shield":[],"response_completion_timeout":true,"s3_origin_config":[],"vpc_origin_config":[]}],"origin_group":[],"restrictions":[{"geo_restriction":[{"locations":true}]}],"status":true,"tags":{},"tags_all":{},"trusted_key_groups":true,"trusted_signers":true,"viewer_certificate":[{}],"viewer_mtls_config":[]},"before_sensitive":false,"after_sensitive":{"connection_function_association":[],"custom_error_response":[],"default_cache_behavior":[{"allowed_methods":[false,false],"cached_methods":[false,false],"forwarded_values":[{"cookies":[{"whitelisted_names":[]}],"headers":[],"query_string_cache_keys":[]}],"function_association":[],"grpc_config":[],"lambda_function_association":[],"trusted_key_groups":[],"trusted_signers":[]}],"logging_config":[],"ordered_cache_behavior":[],"origin":[{"custom_header":[],"custom_origin_config":[],"origin_shield":[],"s3_origin_config":[],"vpc_origin_config":[]}],"origin_group":[],"restrictions":[{"geo_restriction":[{"locations":[]}]}],"tags":{},"tags_all":{},"trusted_key_groups":[],"trusted_signers":[],"viewer_certificate":[{}],"viewer_mtls_config":[]}}},{"address":"aws_cloudfront_origin_access_control.static_site","mode":"managed","type":"aws_cloudfront_origin_access_control","name":"static_site","provider_name":"registry.terraform.io/hashicorp/aws","change":{"actions":["create"],"before":null,"after":{"description":"OAC for static site","name":"box-game-oac","origin_access_control_origin_type":"s3","signing_behavior":"always","signing_protocol":"sigv4"},"after_unknown":{"arn":true,"etag":true,"id":true},"before_sensitive":false,"after_sensitive":{}}},{"address":"aws_s3_bucket.static_site","mode":"managed","type":"aws_s3_bucket","name":"static_site","provider_name":"registry.terraform.io/hashicorp/aws","change":{"actions":["create"],"before":null,"after":{"force_destroy":true,"region":"us-east-1","tags":{"Environment":"dev","Name":"box-game"},"tags_all":{"Environment":"dev","Name":"box-game"},"timeouts":null},"after_unknown":{"acceleration_status":true,"acl":true,"arn":true,"bucket":true,"bucket_domain_name":true,"bucket_prefix":true,"bucket_region":true,"bucket_regional_domain_name":true,"cors_rule":true,"grant":true,"hosted_zone_id":true,"id":true,"lifecycle_rule":true,"logging":true,"object_lock_configuration":true,"object_lock_enabled":true,"policy":true,"replication_configuration":true,"request_payer":true,"server_side_encryption_configuration":true,"tags":{},"tags_all":{},"versioning":true,"website":true,"website_domain":true,"website_endpoint":true},"before_sensitive":false,"after_sensitive":{"cors_rule":[],"grant":[],"lifecycle_rule":[],"logging":[],"object_lock_configuration":[],"replication_configuration":[],"server_side_encryption_configuration":[],"tags":{},"tags_all":{},"versioning":[],"website":[]},"after_identity":{"account_id":null,"bucket":null,"region":null}}},{"address":"aws_s3_bucket_policy.static_site","mode":"managed","type":"aws_s3_bucket_policy","name":"static_site","provider_name":"registry.terraform.io/hashicorp/aws","change":{"actions":["create"],"before":null,"after":{"region":"us-east-1"},"after_unknown":{"bucket":true,"id":true,"policy":true},"before_sensitive":false,"after_sensitive":{},"after_identity":{"account_id":null,"bucket":null,"region":null}}},{"address":"aws_s3_bucket_public_access_block.static_site","mode":"managed","type":"aws_s3_bucket_public_access_block","name":"static_site","provider_name":"registry.terraform.io/hashicorp/aws","change":{"actions":["create"],"before":null,"after":{"block_public_acls":false,"block_public_policy":false,"ignore_public_acls":false,"region":"us-east-1","restrict_public_buckets":false,"skip_destroy":null},"after_unknown":{"bucket":true,"id":true},"before_sensitive":false,"after_sensitive":{},"after_identity":{"account_id":null,"bucket":null,"region":null}}},{"address":"random_id.suffix","mode":"managed","type":"random_id","name":"suffix","provider_name":"registry.terraform.io/hashicorp/random","change":{"actions":["create"],"before":null,"after":{"byte_length":4,"keepers":null,"prefix":null},"after_unknown":{"b64_std":true,"b64_url":true,"dec":true,"hex":true,"id":true},"before_sensitive":false,"after_sensitive":{}}}],"output_changes":{"cloudfront_domain_name":{"actions":["create"],"before":null,"after_unknown":true,"before_sensitive":false,"after_sensitive":false},"s3_bucket_name":{"actions":["create"],"before":null,"after_unknown":true,"before_sensitive":false,"after_sensitive":false}},"configuration":{"provider_config":{"aws":{"name":"aws","full_name":"registry.terraform.io/hashicorp/aws","version_constraint":"6.28.0","expressions":{"region":{"references":["var.aws_region"]}}},"random":{"name":"random","full_name":"registry.terraform.io/hashicorp/random"}},"root_module":{"outputs":{"cloudfront_domain_name":{"expression":{"references":["aws_cloudfront_distribution.static_site.domain_name","aws_cloudfront_distribution.static_site"]},"description":"CloudFront distribution domain name"},"s3_bucket_name":{"expression":{"references":["aws_s3_bucket.static_site.bucket","aws_s3_bucket.static_site"]},"description":"Name of the S3 bucket for static assets"}},"resources":[{"address":"aws_cloudfront_distribution.static_site","mode":"managed","type":"aws_cloudfront_distribution","name":"static_site","provider_config_key":"aws","expressions":{"default_cache_behavior":[{"allowed_methods":{"constant_value":["GET","HEAD"]},"cached_methods":{"constant_value":["GET","HEAD"]},"forwarded_values":[{"cookies":[{"forward":{"constant_value":"none"}}],"query_string":{"constant_value":false}}],"target_origin_id":{"constant_value":"s3-static-site"},"viewer_protocol_policy":{"constant_value":"redirect-to-https"}}],"default_root_object":{"constant_value":"index.html"},"enabled":{"constant_value":true},"origin":[{"domain_name":{"references":["aws_s3_bucket.static_site.bucket_regional_domain_name","aws_s3_bucket.static_site"]},"origin_access_control_id":{"references":["aws_cloudfront_origin_access_control.static_site.id","aws_cloudfront_origin_access_control.static_site"]},"origin_id":{"constant_value":"s3-static-site"}}],"price_class":{"constant_value":"PriceClass_100"},"restrictions":[{"geo_restriction":[{"restriction_type":{"constant_value":"none"}}]}],"tags":{"references":["var.app_name"]},"viewer_certificate":[{"cloudfront_default_certificate":{"constant_value":true}}]},"schema_version":1},{"address":"aws_cloudfront_origin_access_control.static_site","mode":"managed","type":"aws_cloudfront_origin_access_control","name":"static_site","provider_config_key":"aws","expressions":{"description":{"constant_value":"OAC for static site"},"name":{"references":["var.app_name"]},"origin_access_control_origin_type":{"constant_value":"s3"},"signing_behavior":{"constant_value":"always"},"signing_protocol":{"constant_value":"sigv4"}},"schema_version":0},{"address":"aws_s3_bucket.static_site","mode":"managed","type":"aws_s3_bucket","name":"static_site","provider_config_key":"aws","expressions":{"bucket":{"references":["var.app_name","random_id.suffix.hex","random_id.suffix"]},"force_destroy":{"constant_value":true},"tags":{"references":["var.app_name"]}},"schema_version":0},{"address":"aws_s3_bucket_policy.static_site","mode":"managed","type":"aws_s3_bucket_policy","name":"static_site","provider_config_key":"aws","expressions":{"bucket":{"references":["aws_s3_bucket.static_site.id","aws_s3_bucket.static_site"]},"policy":{"references":["data.aws_iam_policy_document.s3_policy.json","data.aws_iam_policy_document.s3_policy"]}},"schema_version":0},{"address":"aws_s3_bucket_public_access_block.static_site","mode":"managed","type":"aws_s3_bucket_public_access_block","name":"static_site","provider_config_key":"aws","expressions":{"block_public_acls":{"constant_value":false},"block_public_policy":{"constant_value":false},"bucket":{"references":["aws_s3_bucket.static_site.id","aws_s3_bucket.static_site"]},"ignore_public_acls":{"constant_value":false},"restrict_public_buckets":{"constant_value":false}},"schema_version":0},{"address":"random_id.suffix","mode":"managed","type":"random_id","name":"suffix","provider_config_key":"random","expressions":{"byte_length":{"constant_value":4}},"schema_version":0},{"address":"data.aws_iam_policy_document.s3_policy","mode":"data","type":"aws_iam_policy_document","name":"s3_policy","provider_config_key":"aws","expressions":{"statement":[{"actions":{"constant_value":["s3:GetObject"]},"effect":{"constant_value":"Allow"},"principals":[{"identifiers":{"constant_value":["*"]},"type":{"constant_value":"*"}}],"resources":{"references":["aws_s3_bucket.static_site.arn","aws_s3_bucket.static_site"]}}]},"schema_version":0}],"variables":{"app_name":{"default":"box-game","description":"Name of the application"},"aws_region":{"default":"us-east-1","description":"AWS region to deploy resources"}}}},"relevant_attributes":[{"resource":"aws_cloudfront_origin_access_control.static_site","attribute":["id"]},{"resource":"aws_s3_bucket.static_site","attribute":["bucket"]},{"resource":"aws_s3_bucket.static_site","attribute":["arn"]},{"resource":"random_id.suffix","attribute":["hex"]},{"resource":"data.aws_iam_policy_document.s3_policy","attribute":["json"]},{"resource":"aws_s3_bucket.static_site","attribute":["id"]},{"resource":"aws_cloudfront_distribution.static_site","attribute":["domain_name"]},{"resource":"aws_s3_bucket.static_site","attribute":["bucket_regional_domain_name"]}],"timestamp":"2026-01-24T09:06:13Z","applyable":true,"complete":true,"errored":false}
