
Terraform used the selected providers to generate the following execution
plan. Resource actions are indicated with the following symbols:
  + create
 <= read (data resources)

Terraform will perform the following actions:

  # data.aws_iam_policy_document.s3_policy will be read during apply
  # (config refers to values not yet known)
 <= data "aws_iam_policy_document" "s3_policy" {
      + id            = (known after apply)
      + json          = (known after apply)
      + minified_json = (known after apply)

      + statement {
          + actions   = [
              + "s3:GetObject",
            ]
          + effect    = "Allow"
          + resources = [
              + (known after apply),
            ]

          + principals {
              + identifiers = [
                  + "*",
                ]
              + type        = "*"
            }
        }
    }

  # aws_cloudfront_distribution.static_site will be created
  + resource "aws_cloudfront_distribution" "static_site" {
      + arn                             = (known after apply)
      + caller_reference                = (known after apply)
      + continuous_deployment_policy_id = (known after apply)
      + default_root_object             = "index.html"
      + domain_name                     = (known after apply)
      + enabled                         = true
      + etag                            = (known after apply)
      + hosted_zone_id                  = (known after apply)
      + http_version                    = "http2"
      + id                              = (known after apply)
      + in_progress_validation_batches  = (known after apply)
      + is_ipv6_enabled                 = false
      + last_modified_time              = (known after apply)
      + logging_v1_enabled              = (known after apply)
      + price_class                     = "PriceClass_100"
      + retain_on_delete                = false
      + staging                         = false
      + status                          = (known after apply)
      + tags                            = {
          + "Environment" = "dev"
          + "Name"        = "box-game"
        }
      + tags_all                        = {
          + "Environment" = "dev"
          + "Name"        = "box-game"
        }
      + trusted_key_groups              = (known after apply)
      + trusted_signers                 = (known after apply)
      + wait_for_deployment             = true

      + default_cache_behavior {
          + allowed_methods        = [
              + "GET",
              + "HEAD",
            ]
          + cached_methods         = [
              + "GET",
              + "HEAD",
            ]
          + compress               = false
          + default_ttl            = (known after apply)
          + max_ttl                = (known after apply)
          + min_ttl                = 0
          + target_origin_id       = "s3-static-site"
          + trusted_key_groups     = (known after apply)
          + trusted_signers        = (known after apply)
          + viewer_protocol_policy = "redirect-to-https"

          + forwarded_values {
              + headers                 = (known after apply)
              + query_string            = false
              + query_string_cache_keys = (known after apply)

              + cookies {
                  + forward           = "none"
                  + whitelisted_names = (known after apply)
                }
            }

          + grpc_config (known after apply)
        }

      + origin {
          + connection_attempts         = 3
          + connection_timeout          = 10
          + domain_name                 = (known after apply)
          + origin_access_control_id    = (known after apply)
          + origin_id                   = "s3-static-site"
          + response_completion_timeout = (known after apply)
            # (1 unchanged attribute hidden)
        }

      + restrictions {
          + geo_restriction {
              + locations        = (known after apply)
              + restriction_type = "none"
            }
        }

      + viewer_certificate {
          + cloudfront_default_certificate = true
          + minimum_protocol_version       = "TLSv1"
        }
    }

  # aws_cloudfront_origin_access_control.static_site will be created
  + resource "aws_cloudfront_origin_access_control" "static_site" {
      + arn                               = (known after apply)
      + description                       = "OAC for static site"
      + etag                              = (known after apply)
      + id                                = (known after apply)
      + name                              = "box-game-oac"
      + origin_access_control_origin_type = "s3"
      + signing_behavior                  = "always"
      + signing_protocol                  = "sigv4"
    }

  # aws_s3_bucket.static_site will be created
  + resource "aws_s3_bucket" "static_site" {
      + acceleration_status         = (known after apply)
      + acl                         = (known after apply)
      + arn                         = (known after apply)
      + bucket                      = (known after apply)
      + bucket_domain_name          = (known after apply)
      + bucket_prefix               = (known after apply)
      + bucket_region               = (known after apply)
      + bucket_regional_domain_name = (known after apply)
      + force_destroy               = true
      + hosted_zone_id              = (known after apply)
      + id                          = (known after apply)
      + object_lock_enabled         = (known after apply)
      + policy                      = (known after apply)
      + region                      = "us-east-1"
      + request_payer               = (known after apply)
      + tags                        = {
          + "Environment" = "dev"
          + "Name"        = "box-game"
        }
      + tags_all                    = {
          + "Environment" = "dev"
          + "Name"        = "box-game"
        }
      + website_domain              = (known after apply)
      + website_endpoint            = (known after apply)

      + cors_rule (known after apply)

      + grant (known after apply)

      + lifecycle_rule (known after apply)

      + logging (known after apply)

      + object_lock_configuration (known after apply)

      + replication_configuration (known after apply)

      + server_side_encryption_configuration (known after apply)

      + versioning (known after apply)

      + website (known after apply)
    }

  # aws_s3_bucket_policy.static_site will be created
  + resource "aws_s3_bucket_policy" "static_site" {
      + bucket = (known after apply)
      + id     = (known after apply)
      + policy = (known after apply)
      + region = "us-east-1"
    }

  # aws_s3_bucket_public_access_block.static_site will be created
  + resource "aws_s3_bucket_public_access_block" "static_site" {
      + block_public_acls       = false
      + block_public_policy     = false
      + bucket                  = (known after apply)
      + id                      = (known after apply)
      + ignore_public_acls      = false
      + region                  = "us-east-1"
      + restrict_public_buckets = false
    }

  # random_id.suffix will be created
  + resource "random_id" "suffix" {
      + b64_std     = (known after apply)
      + b64_url     = (known after apply)
      + byte_length = 4
      + dec         = (known after apply)
      + hex         = (known after apply)
      + id          = (known after apply)
    }

Plan: 6 to add, 0 to change, 0 to destroy.

Changes to Outputs:
  + cloudfront_domain_name = (known after apply)
  + s3_bucket_name         = (known after apply)
