{"format_version":"1.2","terraform_version":"1.13.5","variables":{"allowed_ssh_cidr":{"value":"0.0.0.0/0"},"app_name":{"value":"phantosio-minecraft"},"aws_region":{"value":"us-east-1"},"instance_type":{"value":"t3.small"},"key_name":{"value":null},"minecraft_memory":{"value":"2G"},"minecraft_port":{"value":25565},"minecraft_type":{"value":"PAPER"},"minecraft_version":{"value":"1.19.2"},"motd":{"value":"Vanilla Minecraft, Chill Vibes Only"},"rcon_password":{"value":"Test"},"rcon_port":{"value":25575},"rcon_web_password":{"value":"admin"},"rcon_web_port":{"value":4326},"rcon_web_username":{"value":"admin"}},"planned_values":{"outputs":{"instance_id":{"sensitive":false},"minecraft_address":{"sensitive":false},"public_ip":{"sensitive":false},"rcon_web_url":{"sensitive":false}},"root_module":{"resources":[{"address":"aws_instance.minecraft","mode":"managed","type":"aws_instance","name":"minecraft","provider_name":"registry.terraform.io/hashicorp/aws","schema_version":2,"values":{"ami":"ami-07c1fa5792ef8fe27","associate_public_ip_address":true,"credit_specification":[],"force_destroy":false,"get_password_data":false,"hibernation":null,"instance_type":"t3.small","launch_template":[],"region":"us-east-1","source_dest_check":true,"subnet_id":"subnet-348c19c7e954e096e","tags":{"Name":"phantosio-minecraft-host"},"tags_all":{"Managed":"terraform","Name":"phantosio-minecraft-host","Project":"phantosio-minecraft"},"timeouts":null,"user_data":"#!/bin/bash\nset -euxo pipefail\n\ndnf update -y\ndnf install -y docker\nsystemctl enable --now docker\n\n# Install docker compose plugin\nmkdir -p /usr/local/lib/docker/cli-plugins\ncurl -L \"https://github.com/docker/compose/releases/latest/download/docker-compose-linux-x86_64\" -o /usr/local/lib/docker/cli-plugins/docker-compose\nchmod +x /usr/local/lib/docker/cli-plugins/docker-compose\n\nmkdir -p /opt/phantosio-minecraft\ncd /opt/phantosio-minecraft\n\ncat \u003e docker-compose.yml \u003c\u003c'COMPOSE'\nversion: '3.8'\n\nservices:\n  lobby:\n    image: itzg/minecraft-server\n    container_name: lobby\n    ports:\n      - 25565:25565\n      - 25575:25575\n    environment:\n      MOTD: \"Vanilla Minecraft, Chill Vibes Only\"\n      EULA: \"TRUE\"\n      RCON_PASSWORD: Test\n      TYPE: PAPER\n      VERSION: 1.19.2\n      MEMORY: 2G\n    restart: always\n    volumes:\n      - ./data/lobby:/data\n      - ./plugins/lobby:/plugins\n\n  rcon:\n    image: itzg/rcon\n    container_name: rcon\n    ports:\n      - 4326:4326\n      - 4327:4327\n    environment:\n      RWA_USERNAME: admin\n      RWA_PASSWORD: admin\n      RWA_ADMIN: \"TRUE\"\n      RWA_RCON_HOST: lobby\n      RWA_RCON_PASSWORD: Test\n    volumes:\n      - ./data/rcon:/opt/rcon-web-admin/db\n    depends_on:\n      - lobby\n\n  proxy:\n    image: itzg/bungeecord\n    container_name: proxy\n    environment:\n      TYPE: WATERFALL\n    volumes:\n      - ./plugins/proxy:/plugins\n      - ./data/proxy:/config\n    depends_on:\n      - lobby\n\n  lobby_backup:\n    image: itzg/mc-backup\n    container_name: lobby_backup\n    environment:\n      BACKUP_INTERVAL: \"2h\"\n      RCON_HOST: lobby\n    volumes:\n      - ./data/lobby:/data:ro\n      - ./mc-backups:/backups\n    depends_on:\n      - lobby\nCOMPOSE\n\ndocker compose up -d\n","user_data_replace_on_change":false,"volume_tags":null},"sensitive_values":{"capacity_reservation_specification":[],"cpu_options":[],"credit_specification":[],"ebs_block_device":[],"enclave_options":[],"ephemeral_block_device":[],"instance_market_options":[],"ipv6_addresses":[],"launch_template":[],"maintenance_options":[],"metadata_options":[],"network_interface":[],"primary_network_interface":[],"private_dns_name_options":[],"root_block_device":[],"secondary_private_ips":[],"security_groups":[],"tags":{},"tags_all":{},"user_data":true,"vpc_security_group_ids":[]},"identity_schema_version":0,"identity":{"account_id":null,"id":null,"region":null}},{"address":"aws_security_group.minecraft","mode":"managed","type":"aws_security_group","name":"minecraft","provider_name":"registry.terraform.io/hashicorp/aws","schema_version":1,"values":{"description":"Security group for Minecraft host","egress":[{"cidr_blocks":["0.0.0.0/0"],"description":"","from_port":0,"ipv6_cidr_blocks":[],"prefix_list_ids":[],"protocol":"-1","security_groups":[],"self":false,"to_port":0}],"ingress":[{"cidr_blocks":["0.0.0.0/0"],"description":"Minecraft","from_port":25565,"ipv6_cidr_blocks":[],"prefix_list_ids":[],"protocol":"tcp","security_groups":[],"self":false,"to_port":25565},{"cidr_blocks":["0.0.0.0/0"],"description":"RCON Web Admin","from_port":4326,"ipv6_cidr_blocks":[],"prefix_list_ids":[],"protocol":"tcp","security_groups":[],"self":false,"to_port":4326},{"cidr_blocks":["0.0.0.0/0"],"description":"RCON","from_port":25575,"ipv6_cidr_blocks":[],"prefix_list_ids":[],"protocol":"tcp","security_groups":[],"self":false,"to_port":25575},{"cidr_blocks":["0.0.0.0/0"],"description":"SSH","from_port":22,"ipv6_cidr_blocks":[],"prefix_list_ids":[],"protocol":"tcp","security_groups":[],"self":false,"to_port":22}],"name_prefix":"phantosio-minecraft-","region":"us-east-1","revoke_rules_on_delete":false,"tags":null,"tags_all":{"Managed":"terraform","Project":"phantosio-minecraft"},"timeouts":null,"vpc_id":"vpc-f867651acd2128b4b"},"sensitive_values":{"egress":[{"cidr_blocks":[false],"ipv6_cidr_blocks":[],"prefix_list_ids":[],"security_groups":[]}],"ingress":[{"cidr_blocks":[false],"ipv6_cidr_blocks":[],"prefix_list_ids":[],"security_groups":[]},{"cidr_blocks":[false],"ipv6_cidr_blocks":[],"prefix_list_ids":[],"security_groups":[]},{"cidr_blocks":[false],"ipv6_cidr_blocks":[],"prefix_list_ids":[],"security_groups":[]},{"cidr_blocks":[false],"ipv6_cidr_blocks":[],"prefix_list_ids":[],"security_groups":[]}],"tags_all":{}},"identity_schema_version":0,"identity":{"account_id":null,"id":null,"region":null}}]}},"resource_changes":[{"address":"aws_instance.minecraft","mode":"managed","type":"aws_instance","name":"minecraft","provider_name":"registry.terraform.io/hashicorp/aws","change":{"actions":["create"],"before":null,"after":{"ami":"ami-07c1fa5792ef8fe27","associate_public_ip_address":true,"credit_specification":[],"force_destroy":false,"get_password_data":false,"hibernation":null,"instance_type":"t3.small","launch_template":[],"region":"us-east-1","source_dest_check":true,"subnet_id":"subnet-348c19c7e954e096e","tags":{"Name":"phantosio-minecraft-host"},"tags_all":{"Managed":"terraform","Name":"phantosio-minecraft-host","Project":"phantosio-minecraft"},"timeouts":null,"user_data":"#!/bin/bash\nset -euxo pipefail\n\ndnf update -y\ndnf install -y docker\nsystemctl enable --now docker\n\n# Install docker compose plugin\nmkdir -p /usr/local/lib/docker/cli-plugins\ncurl -L \"https://github.com/docker/compose/releases/latest/download/docker-compose-linux-x86_64\" -o /usr/local/lib/docker/cli-plugins/docker-compose\nchmod +x /usr/local/lib/docker/cli-plugins/docker-compose\n\nmkdir -p /opt/phantosio-minecraft\ncd /opt/phantosio-minecraft\n\ncat \u003e docker-compose.yml \u003c\u003c'COMPOSE'\nversion: '3.8'\n\nservices:\n  lobby:\n    image: itzg/minecraft-server\n    container_name: lobby\n    ports:\n      - 25565:25565\n      - 25575:25575\n    environment:\n      MOTD: \"Vanilla Minecraft, Chill Vibes Only\"\n      EULA: \"TRUE\"\n      RCON_PASSWORD: Test\n      TYPE: PAPER\n      VERSION: 1.19.2\n      MEMORY: 2G\n    restart: always\n    volumes:\n      - ./data/lobby:/data\n      - ./plugins/lobby:/plugins\n\n  rcon:\n    image: itzg/rcon\n    container_name: rcon\n    ports:\n      - 4326:4326\n      - 4327:4327\n    environment:\n      RWA_USERNAME: admin\n      RWA_PASSWORD: admin\n      RWA_ADMIN: \"TRUE\"\n      RWA_RCON_HOST: lobby\n      RWA_RCON_PASSWORD: Test\n    volumes:\n      - ./data/rcon:/opt/rcon-web-admin/db\n    depends_on:\n      - lobby\n\n  proxy:\n    image: itzg/bungeecord\n    container_name: proxy\n    environment:\n      TYPE: WATERFALL\n    volumes:\n      - ./plugins/proxy:/plugins\n      - ./data/proxy:/config\n    depends_on:\n      - lobby\n\n  lobby_backup:\n    image: itzg/mc-backup\n    container_name: lobby_backup\n    environment:\n      BACKUP_INTERVAL: \"2h\"\n      RCON_HOST: lobby\n    volumes:\n      - ./data/lobby:/data:ro\n      - ./mc-backups:/backups\n    depends_on:\n      - lobby\nCOMPOSE\n\ndocker compose up -d\n","user_data_replace_on_change":false,"volume_tags":null},"after_unknown":{"arn":true,"availability_zone":true,"capacity_reservation_specification":true,"cpu_options":true,"credit_specification":[],"disable_api_stop":true,"disable_api_termination":true,"ebs_block_device":true,"ebs_optimized":true,"enable_primary_ipv6":true,"enclave_options":true,"ephemeral_block_device":true,"host_id":true,"host_resource_group_arn":true,"iam_instance_profile":true,"id":true,"instance_initiated_shutdown_behavior":true,"instance_lifecycle":true,"instance_market_options":true,"instance_state":true,"ipv6_address_count":true,"ipv6_addresses":true,"key_name":true,"launch_template":[],"maintenance_options":true,"metadata_options":true,"monitoring":true,"network_interface":true,"outpost_arn":true,"password_data":true,"placement_group":true,"placement_group_id":true,"placement_partition_number":true,"primary_network_interface":true,"primary_network_interface_id":true,"private_dns":true,"private_dns_name_options":true,"private_ip":true,"public_dns":true,"public_ip":true,"root_block_device":true,"secondary_private_ips":true,"security_groups":true,"spot_instance_request_id":true,"tags":{},"tags_all":{},"tenancy":true,"user_data_base64":true,"vpc_security_group_ids":true},"before_sensitive":false,"after_sensitive":{"capacity_reservation_specification":[],"cpu_options":[],"credit_specification":[],"ebs_block_device":[],"enclave_options":[],"ephemeral_block_device":[],"instance_market_options":[],"ipv6_addresses":[],"launch_template":[],"maintenance_options":[],"metadata_options":[],"network_interface":[],"primary_network_interface":[],"private_dns_name_options":[],"root_block_device":[],"secondary_private_ips":[],"security_groups":[],"tags":{},"tags_all":{},"user_data":true,"vpc_security_group_ids":[]},"after_identity":{"account_id":null,"id":null,"region":null}}},{"address":"aws_security_group.minecraft","mode":"managed","type":"aws_security_group","name":"minecraft","provider_name":"registry.terraform.io/hashicorp/aws","change":{"actions":["create"],"before":null,"after":{"description":"Security group for Minecraft host","egress":[{"cidr_blocks":["0.0.0.0/0"],"description":"","from_port":0,"ipv6_cidr_blocks":[],"prefix_list_ids":[],"protocol":"-1","security_groups":[],"self":false,"to_port":0}],"ingress":[{"cidr_blocks":["0.0.0.0/0"],"description":"Minecraft","from_port":25565,"ipv6_cidr_blocks":[],"prefix_list_ids":[],"protocol":"tcp","security_groups":[],"self":false,"to_port":25565},{"cidr_blocks":["0.0.0.0/0"],"description":"RCON Web Admin","from_port":4326,"ipv6_cidr_blocks":[],"prefix_list_ids":[],"protocol":"tcp","security_groups":[],"self":false,"to_port":4326},{"cidr_blocks":["0.0.0.0/0"],"description":"RCON","from_port":25575,"ipv6_cidr_blocks":[],"prefix_list_ids":[],"protocol":"tcp","security_groups":[],"self":false,"to_port":25575},{"cidr_blocks":["0.0.0.0/0"],"description":"SSH","from_port":22,"ipv6_cidr_blocks":[],"prefix_list_ids":[],"protocol":"tcp","security_groups":[],"self":false,"to_port":22}],"name_prefix":"phantosio-minecraft-","region":"us-east-1","revoke_rules_on_delete":false,"tags":null,"tags_all":{"Managed":"terraform","Project":"phantosio-minecraft"},"timeouts":null,"vpc_id":"vpc-f867651acd2128b4b"},"after_unknown":{"arn":true,"egress":[{"cidr_blocks":[false],"ipv6_cidr_blocks":[],"prefix_list_ids":[],"security_groups":[]}],"id":true,"ingress":[{"cidr_blocks":[false],"ipv6_cidr_blocks":[],"prefix_list_ids":[],"security_groups":[]},{"cidr_blocks":[false],"ipv6_cidr_blocks":[],"prefix_list_ids":[],"security_groups":[]},{"cidr_blocks":[false],"ipv6_cidr_blocks":[],"prefix_list_ids":[],"security_groups":[]},{"cidr_blocks":[false],"ipv6_cidr_blocks":[],"prefix_list_ids":[],"security_groups":[]}],"name":true,"owner_id":true,"tags_all":{}},"before_sensitive":false,"after_sensitive":{"egress":[{"cidr_blocks":[false],"ipv6_cidr_blocks":[],"prefix_list_ids":[],"security_groups":[]}],"ingress":[{"cidr_blocks":[false],"ipv6_cidr_blocks":[],"prefix_list_ids":[],"security_groups":[]},{"cidr_blocks":[false],"ipv6_cidr_blocks":[],"prefix_list_ids":[],"security_groups":[]},{"cidr_blocks":[false],"ipv6_cidr_blocks":[],"prefix_list_ids":[],"security_groups":[]},{"cidr_blocks":[false],"ipv6_cidr_blocks":[],"prefix_list_ids":[],"security_groups":[]}],"tags_all":{}},"after_identity":{"account_id":null,"id":null,"region":null}}}],"output_changes":{"instance_id":{"actions":["create"],"before":null,"after_unknown":true,"before_sensitive":false,"after_sensitive":false},"minecraft_address":{"actions":["create"],"before":null,"after_unknown":true,"before_sensitive":false,"after_sensitive":false},"public_ip":{"actions":["create"],"before":null,"after_unknown":true,"before_sensitive":false,"after_sensitive":false},"rcon_web_url":{"actions":["create"],"before":null,"after_unknown":true,"before_sensitive":false,"after_sensitive":false}},"prior_state":{"format_version":"1.0","terraform_version":"1.13.5","values":{"root_module":{"resources":[{"address":"data.aws_ami.al2023","mode":"data","type":"aws_ami","name":"al2023","provider_name":"registry.terraform.io/hashicorp/aws","schema_version":0,"values":{"allow_unsafe_filter":null,"architecture":"x86_64","arn":"arn:aws:ec2:us-east-1::image/ami-07c1fa5792ef8fe27","block_device_mappings":[{"device_name":"/dev/xvda","ebs":{"delete_on_termination":"false","encrypted":"false","iops":"0","snapshot_id":"snap-29c6ed6e1444ca5cb","throughput":"0","volume_initialization_rate":"0","volume_size":"15","volume_type":"standard"},"no_device":"","virtual_name":""}],"boot_mode":"uefi","creation_date":"2026-01-26T23:05:28.000Z","deprecation_time":"","description":"Amazon Linux 2023 AMI 2023.8.20250915.0 x86_64 Minimal HVM kernel-6.1","ena_support":false,"executable_users":null,"filter":[{"name":"name","values":["al2023-ami-*-x86_64"]},{"name":"virtualization-type","values":["hvm"]}],"hypervisor":"xen","id":"ami-07c1fa5792ef8fe27","image_id":"ami-07c1fa5792ef8fe27","image_location":"","image_owner_alias":"amazon","image_type":"machine","imds_support":"","include_deprecated":false,"kernel_id":"","last_launched_time":"","most_recent":true,"name":"al2023-ami-minimal-2023.8.20250915.0-kernel-6.1-x86_64","name_regex":null,"owner_id":"137112412989","owners":["amazon"],"platform":"","platform_details":"","product_codes":[],"public":true,"ramdisk_id":"","region":"us-east-1","root_device_name":"/dev/xvda","root_device_type":"ebs","root_snapshot_id":"snap-29c6ed6e1444ca5cb","sriov_net_support":"","state":"available","state_reason":{"code":"UNSET","message":"UNSET"},"tags":{},"timeouts":null,"tpm_support":"","uefi_data":null,"usage_operation":"","virtualization_type":"hvm"},"sensitive_values":{"block_device_mappings":[{"ebs":{}}],"filter":[{"values":[false]},{"values":[false]}],"owners":[false],"product_codes":[],"state_reason":{},"tags":{}}},{"address":"data.aws_subnets.default","mode":"data","type":"aws_subnets","name":"default","provider_name":"registry.terraform.io/hashicorp/aws","schema_version":0,"values":{"filter":[{"name":"vpc-id","values":["vpc-f867651acd2128b4b"]}],"id":"us-east-1","ids":["subnet-348c19c7e954e096e","subnet-4d570970232301104","subnet-582f5e677f703e64b","subnet-c5777a0a573d7c039","subnet-df78019b7a78d2bb6","subnet-ab203da9dc535d08a"],"region":"us-east-1","tags":null,"timeouts":null},"sensitive_values":{"filter":[{"values":[false]}],"ids":[false,false,false,false,false,false]}},{"address":"data.aws_vpc.default","mode":"data","type":"aws_vpc","name":"default","provider_name":"registry.terraform.io/hashicorp/aws","schema_version":0,"values":{"arn":"arn:aws:ec2:us-east-1:000000000000:vpc/vpc-f867651acd2128b4b","cidr_block":"172.31.0.0/16","cidr_block_associations":[{"association_id":"vpc-cidr-assoc-460e140ed9d8b754b","cidr_block":"172.31.0.0/16","state":"associated"}],"default":true,"dhcp_options_id":"default","enable_dns_hostnames":true,"enable_dns_support":true,"enable_network_address_usage_metrics":false,"filter":null,"id":"vpc-f867651acd2128b4b","instance_tenancy":"default","ipv6_association_id":"","ipv6_cidr_block":"","main_route_table_id":"rtb-790c5d06f9410b0e2","owner_id":"000000000000","region":"us-east-1","state":null,"tags":{},"timeouts":null},"sensitive_values":{"cidr_block_associations":[{}],"tags":{}}}]}}},"configuration":{"provider_config":{"aws":{"name":"aws","full_name":"registry.terraform.io/hashicorp/aws","version_constraint":"\u003e= 5.0.0","expressions":{"default_tags":[{"tags":{"references":["var.app_name"]}}],"region":{"references":["var.aws_region"]}}}},"root_module":{"outputs":{"instance_id":{"expression":{"references":["aws_instance.minecraft.id","aws_instance.minecraft"]},"description":"EC2 instance id running the Minecraft docker-compose stack"},"minecraft_address":{"expression":{"references":["aws_instance.minecraft.public_ip","aws_instance.minecraft","var.minecraft_port"]},"description":"Connect to Minecraft using this host:port"},"public_ip":{"expression":{"references":["aws_instance.minecraft.public_ip","aws_instance.minecraft"]},"description":"Public IP of the Minecraft host"},"rcon_web_url":{"expression":{"references":["aws_instance.minecraft.public_ip","aws_instance.minecraft","var.rcon_web_port"]},"description":"RCON web admin URL"}},"resources":[{"address":"aws_instance.minecraft","mode":"managed","type":"aws_instance","name":"minecraft","provider_config_key":"aws","expressions":{"ami":{"references":["data.aws_ami.al2023.id","data.aws_ami.al2023"]},"associate_public_ip_address":{"constant_value":true},"instance_type":{"references":["var.instance_type"]},"key_name":{"references":["var.key_name"]},"subnet_id":{"references":["data.aws_subnets.default.ids[0]","data.aws_subnets.default.ids","data.aws_subnets.default"]},"tags":{"references":["var.app_name"]},"user_data":{"references":["local.user_data"]},"vpc_security_group_ids":{"references":["aws_security_group.minecraft.id","aws_security_group.minecraft"]}},"schema_version":2},{"address":"aws_security_group.minecraft","mode":"managed","type":"aws_security_group","name":"minecraft","provider_config_key":"aws","expressions":{"description":{"constant_value":"Security group for Minecraft host"},"egress":{"constant_value":[{"cidr_blocks":["0.0.0.0/0"],"description":null,"from_port":0,"ipv6_cidr_blocks":null,"prefix_list_ids":null,"protocol":"-1","security_groups":null,"self":null,"to_port":0}]},"ingress":{"references":["var.minecraft_port","var.minecraft_port","var.rcon_port","var.rcon_port","var.rcon_web_port","var.rcon_web_port","var.allowed_ssh_cidr"]},"name_prefix":{"references":["var.app_name"]},"vpc_id":{"references":["data.aws_vpc.default.id","data.aws_vpc.default"]}},"schema_version":1},{"address":"data.aws_ami.al2023","mode":"data","type":"aws_ami","name":"al2023","provider_config_key":"aws","expressions":{"filter":[{"name":{"constant_value":"name"},"values":{"constant_value":["al2023-ami-*-x86_64"]}},{"name":{"constant_value":"virtualization-type"},"values":{"constant_value":["hvm"]}}],"most_recent":{"constant_value":true},"owners":{"constant_value":["amazon"]}},"schema_version":0},{"address":"data.aws_subnets.default","mode":"data","type":"aws_subnets","name":"default","provider_config_key":"aws","expressions":{"filter":[{"name":{"constant_value":"vpc-id"},"values":{"references":["data.aws_vpc.default.id","data.aws_vpc.default"]}}]},"schema_version":0},{"address":"data.aws_vpc.default","mode":"data","type":"aws_vpc","name":"default","provider_config_key":"aws","expressions":{"default":{"constant_value":true}},"schema_version":0}],"variables":{"allowed_ssh_cidr":{"default":"0.0.0.0/0","description":"CIDR allowed to SSH to the instance (set to your IP/32)."},"app_name":{"default":"phantosio-minecraft","description":"Application name/prefix for resources"},"aws_region":{"default":"us-east-1","description":"AWS region to deploy into"},"instance_type":{"default":"t3.small","description":"EC2 instance type for the Minecraft host"},"key_name":{"default":null,"description":"Optional EC2 key pair name for SSH access"},"minecraft_memory":{"default":"2G","description":"Memory setting passed to itzg/minecraft-server container"},"minecraft_port":{"default":25565,"description":"Minecraft server port"},"minecraft_type":{"default":"PAPER","description":"Server type (e.g., PAPER)"},"minecraft_version":{"default":"1.19.2","description":"Minecraft version"},"motd":{"default":"Vanilla Minecraft, Chill Vibes Only","description":"Message of the day"},"rcon_password":{"default":"Test","description":"RCON password (also used by rcon web admin)","sensitive":true},"rcon_port":{"default":25575,"description":"Minecraft RCON port"},"rcon_web_password":{"default":"admin","description":"RCON web admin password","sensitive":true},"rcon_web_port":{"default":4326,"description":"RCON web admin port (itzg/rcon)"},"rcon_web_username":{"default":"admin","description":"RCON web admin username"}}}},"relevant_attributes":[{"resource":"data.aws_vpc.default","attribute":["id"]},{"resource":"data.aws_ami.al2023","attribute":["id"]},{"resource":"data.aws_subnets.default","attribute":["ids",0]},{"resource":"aws_security_group.minecraft","attribute":["id"]},{"resource":"aws_instance.minecraft","attribute":["id"]},{"resource":"aws_instance.minecraft","attribute":["public_ip"]}],"timestamp":"2026-01-26T23:05:27Z","applyable":true,"complete":true,"errored":false}
