{"format_version":"1.2","terraform_version":"1.13.5","variables":{"app_name":{"value":"rigitbot"},"aws_region":{"value":"us-east-1"},"enable_function_url":{"value":true},"lambda_architecture":{"value":"arm64"},"lambda_handler":{"value":"bootstrap"},"lambda_runtime":{"value":"provided.al2023"},"lambda_zip_path":{"value":"../build/rigitbot.zip"}},"planned_values":{"outputs":{"lambda_function_arn":{"sensitive":false},"lambda_function_name":{"sensitive":false,"type":"string","value":"rigitbot"},"lambda_function_url":{"sensitive":false}},"root_module":{"resources":[{"address":"aws_iam_role.lambda_exec","mode":"managed","type":"aws_iam_role","name":"lambda_exec","provider_name":"registry.terraform.io/hashicorp/aws","schema_version":0,"values":{"assume_role_policy":"{\"Statement\":[{\"Action\":\"sts:AssumeRole\",\"Effect\":\"Allow\",\"Principal\":{\"Service\":\"lambda.amazonaws.com\"}}],\"Version\":\"2012-10-17\"}","description":null,"force_detach_policies":false,"max_session_duration":3600,"name":"rigitbot-lambda-exec","path":"/","permissions_boundary":null,"tags":null,"tags_all":{"Application":"rigitbot","ManagedBy":"terraform"}},"sensitive_values":{"inline_policy":[],"managed_policy_arns":[],"tags_all":{}},"identity_schema_version":0,"identity":{"account_id":null,"name":null}},{"address":"aws_iam_role_policy_attachment.lambda_basic","mode":"managed","type":"aws_iam_role_policy_attachment","name":"lambda_basic","provider_name":"registry.terraform.io/hashicorp/aws","schema_version":0,"values":{"policy_arn":"arn:aws:iam::aws:policy/service-role/AWSLambdaBasicExecutionRole","role":"rigitbot-lambda-exec"},"sensitive_values":{},"identity_schema_version":0,"identity":{"account_id":null,"policy_arn":null,"role":null}},{"address":"aws_lambda_function.app","mode":"managed","type":"aws_lambda_function","name":"app","provider_name":"registry.terraform.io/hashicorp/aws","schema_version":0,"values":{"architectures":["arm64"],"capacity_provider_config":[],"code_signing_config_arn":null,"dead_letter_config":[],"description":null,"durable_config":[],"environment":[{"variables":{"RUST_LOG":"info"}}],"file_system_config":[],"filename":"./.dummy/lambda.zip","function_name":"rigitbot","handler":"bootstrap","image_config":[],"image_uri":null,"kms_key_arn":null,"layers":null,"memory_size":128,"package_type":"Zip","publish":false,"publish_to":null,"region":"us-east-1","replace_security_groups_on_destroy":null,"replacement_security_group_ids":null,"reserved_concurrent_executions":-1,"runtime":"provided.al2023","s3_bucket":null,"s3_key":null,"s3_object_version":null,"skip_destroy":false,"snap_start":[],"source_code_hash":"wmbalFzzY/wG3ivChKElOZB3+B4gptmQyIat05p+fU4=","source_kms_key_arn":null,"tags":null,"tags_all":{"Application":"rigitbot","ManagedBy":"terraform"},"tenancy_config":[],"timeout":10,"timeouts":null,"vpc_config":[]},"sensitive_values":{"architectures":[false],"capacity_provider_config":[],"dead_letter_config":[],"durable_config":[],"environment":[{"variables":{}}],"ephemeral_storage":[],"file_system_config":[],"image_config":[],"logging_config":[],"snap_start":[],"tags_all":{},"tenancy_config":[],"tracing_config":[],"vpc_config":[]},"identity_schema_version":0,"identity":{"account_id":null,"function_name":null,"region":null}},{"address":"aws_lambda_function_url.app[0]","mode":"managed","type":"aws_lambda_function_url","name":"app","index":0,"provider_name":"registry.terraform.io/hashicorp/aws","schema_version":0,"values":{"authorization_type":"NONE","cors":[{"allow_credentials":false,"allow_headers":["*"],"allow_methods":["*"],"allow_origins":["*"],"expose_headers":["*"],"max_age":0}],"function_name":"rigitbot","invoke_mode":"BUFFERED","qualifier":null,"region":"us-east-1","timeouts":null},"sensitive_values":{"cors":[{"allow_headers":[false],"allow_methods":[false],"allow_origins":[false],"expose_headers":[false]}]}},{"address":"aws_lambda_permission.function_url_public[0]","mode":"managed","type":"aws_lambda_permission","name":"function_url_public","index":0,"provider_name":"registry.terraform.io/hashicorp/aws","schema_version":0,"values":{"action":"lambda:InvokeFunctionUrl","event_source_token":null,"function_name":"rigitbot","function_url_auth_type":"NONE","invoked_via_function_url":null,"principal":"*","principal_org_id":null,"qualifier":null,"region":"us-east-1","source_account":null,"source_arn":null,"statement_id":"AllowPublicInvokeFunctionUrl"},"sensitive_values":{},"identity_schema_version":0,"identity":{"account_id":null,"function_name":null,"qualifier":null,"region":null,"statement_id":null}}]}},"resource_changes":[{"address":"aws_iam_role.lambda_exec","mode":"managed","type":"aws_iam_role","name":"lambda_exec","provider_name":"registry.terraform.io/hashicorp/aws","change":{"actions":["create"],"before":null,"after":{"assume_role_policy":"{\"Statement\":[{\"Action\":\"sts:AssumeRole\",\"Effect\":\"Allow\",\"Principal\":{\"Service\":\"lambda.amazonaws.com\"}}],\"Version\":\"2012-10-17\"}","description":null,"force_detach_policies":false,"max_session_duration":3600,"name":"rigitbot-lambda-exec","path":"/","permissions_boundary":null,"tags":null,"tags_all":{"Application":"rigitbot","ManagedBy":"terraform"}},"after_unknown":{"arn":true,"create_date":true,"id":true,"inline_policy":true,"managed_policy_arns":true,"name_prefix":true,"tags_all":{},"unique_id":true},"before_sensitive":false,"after_sensitive":{"inline_policy":[],"managed_policy_arns":[],"tags_all":{}},"after_identity":{"account_id":null,"name":null}}},{"address":"aws_iam_role_policy_attachment.lambda_basic","mode":"managed","type":"aws_iam_role_policy_attachment","name":"lambda_basic","provider_name":"registry.terraform.io/hashicorp/aws","change":{"actions":["create"],"before":null,"after":{"policy_arn":"arn:aws:iam::aws:policy/service-role/AWSLambdaBasicExecutionRole","role":"rigitbot-lambda-exec"},"after_unknown":{"id":true},"before_sensitive":false,"after_sensitive":{},"after_identity":{"account_id":null,"policy_arn":null,"role":null}}},{"address":"aws_lambda_function.app","mode":"managed","type":"aws_lambda_function","name":"app","provider_name":"registry.terraform.io/hashicorp/aws","change":{"actions":["create"],"before":null,"after":{"architectures":["arm64"],"capacity_provider_config":[],"code_signing_config_arn":null,"dead_letter_config":[],"description":null,"durable_config":[],"environment":[{"variables":{"RUST_LOG":"info"}}],"file_system_config":[],"filename":"./.dummy/lambda.zip","function_name":"rigitbot","handler":"bootstrap","image_config":[],"image_uri":null,"kms_key_arn":null,"layers":null,"memory_size":128,"package_type":"Zip","publish":false,"publish_to":null,"region":"us-east-1","replace_security_groups_on_destroy":null,"replacement_security_group_ids":null,"reserved_concurrent_executions":-1,"runtime":"provided.al2023","s3_bucket":null,"s3_key":null,"s3_object_version":null,"skip_destroy":false,"snap_start":[],"source_code_hash":"wmbalFzzY/wG3ivChKElOZB3+B4gptmQyIat05p+fU4=","source_kms_key_arn":null,"tags":null,"tags_all":{"Application":"rigitbot","ManagedBy":"terraform"},"tenancy_config":[],"timeout":10,"timeouts":null,"vpc_config":[]},"after_unknown":{"architectures":[false],"arn":true,"capacity_provider_config":[],"code_sha256":true,"dead_letter_config":[],"durable_config":[],"environment":[{"variables":{}}],"ephemeral_storage":true,"file_system_config":[],"id":true,"image_config":[],"invoke_arn":true,"last_modified":true,"logging_config":true,"qualified_arn":true,"qualified_invoke_arn":true,"response_streaming_invoke_arn":true,"role":true,"signing_job_arn":true,"signing_profile_version_arn":true,"snap_start":[],"source_code_size":true,"tags_all":{},"tenancy_config":[],"tracing_config":true,"version":true,"vpc_config":[]},"before_sensitive":false,"after_sensitive":{"architectures":[false],"capacity_provider_config":[],"dead_letter_config":[],"durable_config":[],"environment":[{"variables":{}}],"ephemeral_storage":[],"file_system_config":[],"image_config":[],"logging_config":[],"snap_start":[],"tags_all":{},"tenancy_config":[],"tracing_config":[],"vpc_config":[]},"after_identity":{"account_id":null,"function_name":null,"region":null}}},{"address":"aws_lambda_function_url.app[0]","mode":"managed","type":"aws_lambda_function_url","name":"app","index":0,"provider_name":"registry.terraform.io/hashicorp/aws","change":{"actions":["create"],"before":null,"after":{"authorization_type":"NONE","cors":[{"allow_credentials":false,"allow_headers":["*"],"allow_methods":["*"],"allow_origins":["*"],"expose_headers":["*"],"max_age":0}],"function_name":"rigitbot","invoke_mode":"BUFFERED","qualifier":null,"region":"us-east-1","timeouts":null},"after_unknown":{"cors":[{"allow_headers":[false],"allow_methods":[false],"allow_origins":[false],"expose_headers":[false]}],"function_arn":true,"function_url":true,"id":true,"url_id":true},"before_sensitive":false,"after_sensitive":{"cors":[{"allow_headers":[false],"allow_methods":[false],"allow_origins":[false],"expose_headers":[false]}]}}},{"address":"aws_lambda_permission.function_url_public[0]","mode":"managed","type":"aws_lambda_permission","name":"function_url_public","index":0,"provider_name":"registry.terraform.io/hashicorp/aws","change":{"actions":["create"],"before":null,"after":{"action":"lambda:InvokeFunctionUrl","event_source_token":null,"function_name":"rigitbot","function_url_auth_type":"NONE","invoked_via_function_url":null,"principal":"*","principal_org_id":null,"qualifier":null,"region":"us-east-1","source_account":null,"source_arn":null,"statement_id":"AllowPublicInvokeFunctionUrl"},"after_unknown":{"id":true,"statement_id_prefix":true},"before_sensitive":false,"after_sensitive":{},"after_identity":{"account_id":null,"function_name":null,"qualifier":null,"region":null,"statement_id":null}}}],"output_changes":{"lambda_function_arn":{"actions":["create"],"before":null,"after_unknown":true,"before_sensitive":false,"after_sensitive":false},"lambda_function_name":{"actions":["create"],"before":null,"after":"rigitbot","after_unknown":false,"before_sensitive":false,"after_sensitive":false},"lambda_function_url":{"actions":["create"],"before":null,"after_unknown":true,"before_sensitive":false,"after_sensitive":false}},"prior_state":{"format_version":"1.0","terraform_version":"1.13.5","values":{"outputs":{"lambda_function_name":{"sensitive":false,"value":"rigitbot","type":"string"}},"root_module":{"resources":[{"address":"data.archive_file.lambda_dummy","mode":"data","type":"archive_file","name":"lambda_dummy","provider_name":"registry.terraform.io/hashicorp/archive","schema_version":0,"values":{"exclude_symlink_directories":null,"excludes":null,"id":"58e93fade67637870be5af38eff8d5aa66c7da49","output_base64sha256":"wmbalFzzY/wG3ivChKElOZB3+B4gptmQyIat05p+fU4=","output_base64sha512":"BQYAg1LwEY4tDmry1VoRx6StX0vjH+7LpfB5KAZLVvfJQjioPbBv1QxI6QF6P2U614fU3h9XKBCb9z5Y1ornqA==","output_file_mode":null,"output_md5":"a0dbd832a6a977d6d5b28ea5c85e30fb","output_path":"./.dummy/lambda.zip","output_sha":"58e93fade67637870be5af38eff8d5aa66c7da49","output_sha256":"c266da945cf363fc06de2bc284a125399077f81e20a6d990c886add39a7e7d4e","output_sha512":"0506008352f0118e2d0e6af2d55a11c7a4ad5f4be31feecba5f07928064b56f7c94238a83db06fd50c48e9017a3f653ad787d4de1f5728109bf73e58d68ae7a8","output_size":246,"source":[{"content":"exports.handler = async (event) =\u003e {\n  console.log(\"Dummy lambda invoked\");\n  return { statusCode: 200, body: \"dummy\" };\n};\n","filename":"index.js"}],"source_content":null,"source_content_filename":null,"source_dir":null,"source_file":null,"type":"zip"},"sensitive_values":{"source":[{}]}},{"address":"data.aws_caller_identity.current","mode":"data","type":"aws_caller_identity","name":"current","provider_name":"registry.terraform.io/hashicorp/aws","schema_version":0,"values":{"account_id":"000000000000","arn":"arn:aws:iam::000000000000:root","id":"000000000000","user_id":"AKIAIOSFODNN7EXAMPLE"},"sensitive_values":{}},{"address":"data.aws_partition.current","mode":"data","type":"aws_partition","name":"current","provider_name":"registry.terraform.io/hashicorp/aws","schema_version":0,"values":{"dns_suffix":"amazonaws.com","id":"aws","partition":"aws","reverse_dns_prefix":"com.amazonaws"},"sensitive_values":{}},{"address":"data.aws_region.current","mode":"data","type":"aws_region","name":"current","provider_name":"registry.terraform.io/hashicorp/aws","schema_version":0,"values":{"description":"US East (N. Virginia)","endpoint":"ec2.us-east-1.amazonaws.com","id":"us-east-1","name":"us-east-1","region":"us-east-1"},"sensitive_values":{}}]}}},"configuration":{"provider_config":{"archive":{"name":"archive","full_name":"registry.terraform.io/hashicorp/archive","version_constraint":"\u003e= 2.0.0"},"aws":{"name":"aws","full_name":"registry.terraform.io/hashicorp/aws","version_constraint":"\u003e= 5.0.0","expressions":{"default_tags":[{"tags":{"references":["var.app_name"]}}],"region":{"references":["var.aws_region"]}}}},"root_module":{"outputs":{"lambda_function_arn":{"expression":{"references":["aws_lambda_function.app.arn","aws_lambda_function.app"]},"description":"Deployed Lambda function ARN"},"lambda_function_name":{"expression":{"references":["aws_lambda_function.app.function_name","aws_lambda_function.app"]},"description":"Deployed Lambda function name"},"lambda_function_url":{"expression":{"references":["aws_lambda_function_url.app[0].function_url","aws_lambda_function_url.app[0]","aws_lambda_function_url.app"]},"description":"Public Lambda Function URL (if enabled)"}},"resources":[{"address":"aws_iam_role.lambda_exec","mode":"managed","type":"aws_iam_role","name":"lambda_exec","provider_config_key":"aws","expressions":{"assume_role_policy":{},"name":{"references":["var.app_name"]}},"schema_version":0},{"address":"aws_iam_role_policy_attachment.lambda_basic","mode":"managed","type":"aws_iam_role_policy_attachment","name":"lambda_basic","provider_config_key":"aws","expressions":{"policy_arn":{"references":["data.aws_partition.current.partition","data.aws_partition.current"]},"role":{"references":["aws_iam_role.lambda_exec.name","aws_iam_role.lambda_exec"]}},"schema_version":0},{"address":"aws_lambda_function.app","mode":"managed","type":"aws_lambda_function","name":"app","provider_config_key":"aws","expressions":{"architectures":{"references":["var.lambda_architecture"]},"environment":[{"variables":{"constant_value":{"RUST_LOG":"info"}}}],"filename":{"references":["var.lambda_zip_path","var.lambda_zip_path","data.archive_file.lambda_dummy.output_path","data.archive_file.lambda_dummy"]},"function_name":{"references":["var.app_name"]},"handler":{"references":["var.lambda_handler"]},"memory_size":{"constant_value":128},"role":{"references":["aws_iam_role.lambda_exec.arn","aws_iam_role.lambda_exec"]},"runtime":{"references":["var.lambda_runtime"]},"source_code_hash":{"references":["var.lambda_zip_path","var.lambda_zip_path","data.archive_file.lambda_dummy.output_path","data.archive_file.lambda_dummy"]},"timeout":{"constant_value":10}},"schema_version":0},{"address":"aws_lambda_function_url.app","mode":"managed","type":"aws_lambda_function_url","name":"app","provider_config_key":"aws","expressions":{"authorization_type":{"constant_value":"NONE"},"cors":[{"allow_credentials":{"constant_value":false},"allow_headers":{"constant_value":["*"]},"allow_methods":{"constant_value":["*"]},"allow_origins":{"constant_value":["*"]},"expose_headers":{"constant_value":["*"]},"max_age":{"constant_value":0}}],"function_name":{"references":["aws_lambda_function.app.function_name","aws_lambda_function.app"]}},"schema_version":0,"count_expression":{"references":["var.enable_function_url"]}},{"address":"aws_lambda_permission.function_url_public","mode":"managed","type":"aws_lambda_permission","name":"function_url_public","provider_config_key":"aws","expressions":{"action":{"constant_value":"lambda:InvokeFunctionUrl"},"function_name":{"references":["aws_lambda_function.app.function_name","aws_lambda_function.app"]},"function_url_auth_type":{"constant_value":"NONE"},"principal":{"constant_value":"*"},"statement_id":{"constant_value":"AllowPublicInvokeFunctionUrl"}},"schema_version":0,"count_expression":{"references":["var.enable_function_url"]}},{"address":"data.archive_file.lambda_dummy","mode":"data","type":"archive_file","name":"lambda_dummy","provider_config_key":"archive","expressions":{"output_path":{"references":["local.lambda_dummy_zip"]},"source":[{"content":{"constant_value":"exports.handler = async (event) =\u003e {\n  console.log(\"Dummy lambda invoked\");\n  return { statusCode: 200, body: \"dummy\" };\n};\n"},"filename":{"constant_value":"index.js"}}],"type":{"constant_value":"zip"}},"schema_version":0},{"address":"data.aws_caller_identity.current","mode":"data","type":"aws_caller_identity","name":"current","provider_config_key":"aws","schema_version":0},{"address":"data.aws_partition.current","mode":"data","type":"aws_partition","name":"current","provider_config_key":"aws","schema_version":0},{"address":"data.aws_region.current","mode":"data","type":"aws_region","name":"current","provider_config_key":"aws","schema_version":0}],"variables":{"app_name":{"default":"rigitbot","description":"Application name used for naming/tagging"},"aws_region":{"default":"us-east-1","description":"AWS region to deploy into"},"enable_function_url":{"default":true,"description":"Whether to create a Lambda Function URL (public)"},"lambda_architecture":{"default":"arm64","description":"Lambda architecture"},"lambda_handler":{"default":"bootstrap","description":"Lambda handler (for custom runtimes this is typically 'bootstrap')"},"lambda_runtime":{"default":"provided.al2023","description":"Lambda runtime for the function"},"lambda_zip_path":{"default":"../build/rigitbot.zip","description":"Path to the Lambda deployment package zip (must exist before apply)."}}}},"relevant_attributes":[{"resource":"aws_lambda_function.app","attribute":["arn"]},{"resource":"data.archive_file.lambda_dummy","attribute":["output_path"]},{"resource":"data.aws_partition.current","attribute":["partition"]},{"resource":"aws_iam_role.lambda_exec","attribute":["name"]},{"resource":"aws_lambda_function_url.app[0]","attribute":["function_url"]},{"resource":"aws_iam_role.lambda_exec","attribute":["arn"]},{"resource":"aws_lambda_function.app","attribute":["function_name"]}],"checks":[{"address":{"kind":"var","name":"lambda_architecture","to_display":"var.lambda_architecture"},"status":"pass","instances":[{"address":{"to_display":"var.lambda_architecture"},"status":"pass"}]}],"timestamp":"2026-01-27T02:34:19Z","applyable":true,"complete":true,"errored":false}
