
Terraform used the selected providers to generate the following execution
plan. Resource actions are indicated with the following symbols:
  + create

Terraform will perform the following actions:

  # aws_dynamodb_table.state will be created
  + resource "aws_dynamodb_table" "state" {
      + arn              = (known after apply)
      + billing_mode     = "PAY_PER_REQUEST"
      + hash_key         = "id"
      + id               = (known after apply)
      + name             = "ai-basis-state-table"
      + read_capacity    = (known after apply)
      + region           = "eu-central-1"
      + stream_arn       = (known after apply)
      + stream_label     = (known after apply)
      + stream_view_type = (known after apply)
      + tags             = {
          + "Environment" = "dev"
          + "Name"        = "ai-basis-state"
        }
      + tags_all         = {
          + "Environment" = "dev"
          + "Name"        = "ai-basis-state"
        }
      + write_capacity   = (known after apply)

      + attribute {
          + name = "id"
          + type = "S"
        }

      + global_secondary_index (known after apply)

      + global_table_witness (known after apply)

      + point_in_time_recovery (known after apply)

      + server_side_encryption (known after apply)

      + ttl (known after apply)

      + warm_throughput (known after apply)
    }

  # aws_s3_bucket.artifact will be created
  + resource "aws_s3_bucket" "artifact" {
      + acceleration_status         = (known after apply)
      + acl                         = (known after apply)
      + arn                         = (known after apply)
      + bucket                      = "ai-basis-artifact-bucket"
      + bucket_domain_name          = (known after apply)
      + bucket_prefix               = (known after apply)
      + bucket_region               = (known after apply)
      + bucket_regional_domain_name = (known after apply)
      + force_destroy               = true
      + hosted_zone_id              = (known after apply)
      + id                          = (known after apply)
      + object_lock_enabled         = (known after apply)
      + policy                      = (known after apply)
      + region                      = "eu-central-1"
      + request_payer               = (known after apply)
      + tags                        = {
          + "Environment" = "dev"
          + "Name"        = "ai-basis-artifact"
        }
      + tags_all                    = {
          + "Environment" = "dev"
          + "Name"        = "ai-basis-artifact"
        }
      + website_domain              = (known after apply)
      + website_endpoint            = (known after apply)

      + cors_rule (known after apply)

      + grant (known after apply)

      + lifecycle_rule (known after apply)

      + logging (known after apply)

      + object_lock_configuration (known after apply)

      + replication_configuration (known after apply)

      + server_side_encryption_configuration (known after apply)

      + versioning (known after apply)

      + website (known after apply)
    }

Plan: 2 to add, 0 to change, 0 to destroy.

Changes to Outputs:
  + artifact_bucket_name = "ai-basis-artifact-bucket"
  + dynamodb_table_name  = "ai-basis-state-table"
aws_s3_bucket.artifact: Creating...
aws_dynamodb_table.state: Creating...
aws_dynamodb_table.state: Creation complete after 2s [id=ai-basis-state-table]
aws_s3_bucket.artifact: Still creating... [00m10s elapsed]
aws_s3_bucket.artifact: Still creating... [00m20s elapsed]
aws_s3_bucket.artifact: Still creating... [00m30s elapsed]
aws_s3_bucket.artifact: Still creating... [00m40s elapsed]
aws_s3_bucket.artifact: Still creating... [00m50s elapsed]
aws_s3_bucket.artifact: Still creating... [01m00s elapsed]
aws_s3_bucket.artifact: Still creating... [01m10s elapsed]
aws_s3_bucket.artifact: Still creating... [01m20s elapsed]
aws_s3_bucket.artifact: Still creating... [01m30s elapsed]
aws_s3_bucket.artifact: Still creating... [01m40s elapsed]
aws_s3_bucket.artifact: Still creating... [01m50s elapsed]
aws_s3_bucket.artifact: Still creating... [02m00s elapsed]
aws_s3_bucket.artifact: Still creating... [02m10s elapsed]
aws_s3_bucket.artifact: Still creating... [02m20s elapsed]
aws_s3_bucket.artifact: Still creating... [02m30s elapsed]
aws_s3_bucket.artifact: Still creating... [02m40s elapsed]
aws_s3_bucket.artifact: Still creating... [02m50s elapsed]
aws_s3_bucket.artifact: Still creating... [03m00s elapsed]
aws_s3_bucket.artifact: Still creating... [03m10s elapsed]
aws_s3_bucket.artifact: Still creating... [03m20s elapsed]
aws_s3_bucket.artifact: Still creating... [03m30s elapsed]
aws_s3_bucket.artifact: Still creating... [03m40s elapsed]
aws_s3_bucket.artifact: Still creating... [03m50s elapsed]
aws_s3_bucket.artifact: Still creating... [04m00s elapsed]
aws_s3_bucket.artifact: Still creating... [04m10s elapsed]
aws_s3_bucket.artifact: Still creating... [04m20s elapsed]
aws_s3_bucket.artifact: Still creating... [04m30s elapsed]
aws_s3_bucket.artifact: Still creating... [04m40s elapsed]
aws_s3_bucket.artifact: Still creating... [04m50s elapsed]
aws_s3_bucket.artifact: Still creating... [05m00s elapsed]
aws_s3_bucket.artifact: Still creating... [05m10s elapsed]
aws_s3_bucket.artifact: Still creating... [05m20s elapsed]
aws_s3_bucket.artifact: Still creating... [05m30s elapsed]
aws_s3_bucket.artifact: Still creating... [05m40s elapsed]
aws_s3_bucket.artifact: Still creating... [05m50s elapsed]
aws_s3_bucket.artifact: Still creating... [06m00s elapsed]
