{"format_version":"1.2","terraform_version":"1.13.5","variables":{"app_name":{"value":"ai-basis"},"aws_region":{"value":"eu-central-1"}},"planned_values":{"outputs":{"artifact_bucket_name":{"sensitive":false,"type":"string","value":"ai-basis-artifact-bucket"},"dynamodb_table_name":{"sensitive":false,"type":"string","value":"ai-basis-state-table"}},"root_module":{"resources":[{"address":"aws_dynamodb_table.state","mode":"managed","type":"aws_dynamodb_table","name":"state","provider_name":"registry.terraform.io/hashicorp/aws","schema_version":1,"values":{"attribute":[{"name":"id","type":"S"}],"billing_mode":"PAY_PER_REQUEST","deletion_protection_enabled":null,"hash_key":"id","import_table":[],"local_secondary_index":[],"name":"ai-basis-state-table","on_demand_throughput":[],"range_key":null,"region":"eu-central-1","replica":[],"restore_date_time":null,"restore_source_name":null,"restore_source_table_arn":null,"restore_to_latest_time":null,"stream_enabled":null,"table_class":null,"tags":{"Environment":"dev","Name":"ai-basis-state"},"tags_all":{"Environment":"dev","Name":"ai-basis-state"},"timeouts":null},"sensitive_values":{"attribute":[{}],"global_secondary_index":[],"global_table_witness":[],"import_table":[],"local_secondary_index":[],"on_demand_throughput":[],"point_in_time_recovery":[],"replica":[],"server_side_encryption":[],"tags":{},"tags_all":{},"ttl":[],"warm_throughput":[]}},{"address":"aws_s3_bucket.artifact","mode":"managed","type":"aws_s3_bucket","name":"artifact","provider_name":"registry.terraform.io/hashicorp/aws","schema_version":0,"values":{"bucket":"ai-basis-artifact-bucket","force_destroy":true,"region":"eu-central-1","tags":{"Environment":"dev","Name":"ai-basis-artifact"},"tags_all":{"Environment":"dev","Name":"ai-basis-artifact"},"timeouts":null},"sensitive_values":{"cors_rule":[],"grant":[],"lifecycle_rule":[],"logging":[],"object_lock_configuration":[],"replication_configuration":[],"server_side_encryption_configuration":[],"tags":{},"tags_all":{},"versioning":[],"website":[]},"identity_schema_version":0,"identity":{"account_id":null,"bucket":null,"region":null}}]}},"resource_changes":[{"address":"aws_dynamodb_table.state","mode":"managed","type":"aws_dynamodb_table","name":"state","provider_name":"registry.terraform.io/hashicorp/aws","change":{"actions":["create"],"before":null,"after":{"attribute":[{"name":"id","type":"S"}],"billing_mode":"PAY_PER_REQUEST","deletion_protection_enabled":null,"hash_key":"id","import_table":[],"local_secondary_index":[],"name":"ai-basis-state-table","on_demand_throughput":[],"range_key":null,"region":"eu-central-1","replica":[],"restore_date_time":null,"restore_source_name":null,"restore_source_table_arn":null,"restore_to_latest_time":null,"stream_enabled":null,"table_class":null,"tags":{"Environment":"dev","Name":"ai-basis-state"},"tags_all":{"Environment":"dev","Name":"ai-basis-state"},"timeouts":null},"after_unknown":{"arn":true,"attribute":[{}],"global_secondary_index":true,"global_table_witness":true,"id":true,"import_table":[],"local_secondary_index":[],"on_demand_throughput":[],"point_in_time_recovery":true,"read_capacity":true,"replica":[],"server_side_encryption":true,"stream_arn":true,"stream_label":true,"stream_view_type":true,"tags":{},"tags_all":{},"ttl":true,"warm_throughput":true,"write_capacity":true},"before_sensitive":false,"after_sensitive":{"attribute":[{}],"global_secondary_index":[],"global_table_witness":[],"import_table":[],"local_secondary_index":[],"on_demand_throughput":[],"point_in_time_recovery":[],"replica":[],"server_side_encryption":[],"tags":{},"tags_all":{},"ttl":[],"warm_throughput":[]}}},{"address":"aws_s3_bucket.artifact","mode":"managed","type":"aws_s3_bucket","name":"artifact","provider_name":"registry.terraform.io/hashicorp/aws","change":{"actions":["create"],"before":null,"after":{"bucket":"ai-basis-artifact-bucket","force_destroy":true,"region":"eu-central-1","tags":{"Environment":"dev","Name":"ai-basis-artifact"},"tags_all":{"Environment":"dev","Name":"ai-basis-artifact"},"timeouts":null},"after_unknown":{"acceleration_status":true,"acl":true,"arn":true,"bucket_domain_name":true,"bucket_prefix":true,"bucket_region":true,"bucket_regional_domain_name":true,"cors_rule":true,"grant":true,"hosted_zone_id":true,"id":true,"lifecycle_rule":true,"logging":true,"object_lock_configuration":true,"object_lock_enabled":true,"policy":true,"replication_configuration":true,"request_payer":true,"server_side_encryption_configuration":true,"tags":{},"tags_all":{},"versioning":true,"website":true,"website_domain":true,"website_endpoint":true},"before_sensitive":false,"after_sensitive":{"cors_rule":[],"grant":[],"lifecycle_rule":[],"logging":[],"object_lock_configuration":[],"replication_configuration":[],"server_side_encryption_configuration":[],"tags":{},"tags_all":{},"versioning":[],"website":[]},"after_identity":{"account_id":null,"bucket":null,"region":null}}}],"output_changes":{"artifact_bucket_name":{"actions":["create"],"before":null,"after":"ai-basis-artifact-bucket","after_unknown":false,"before_sensitive":false,"after_sensitive":false},"dynamodb_table_name":{"actions":["create"],"before":null,"after":"ai-basis-state-table","after_unknown":false,"before_sensitive":false,"after_sensitive":false}},"prior_state":{"format_version":"1.0","terraform_version":"1.13.5","values":{"outputs":{"artifact_bucket_name":{"sensitive":false,"value":"ai-basis-artifact-bucket","type":"string"},"dynamodb_table_name":{"sensitive":false,"value":"ai-basis-state-table","type":"string"}},"root_module":{}}},"configuration":{"provider_config":{"aws":{"name":"aws","full_name":"registry.terraform.io/hashicorp/aws","version_constraint":"\u003e= 4.0.0","expressions":{"region":{"references":["var.aws_region"]}}}},"root_module":{"outputs":{"artifact_bucket_name":{"expression":{"references":["aws_s3_bucket.artifact.bucket","aws_s3_bucket.artifact"]}},"dynamodb_table_name":{"expression":{"references":["aws_dynamodb_table.state.name","aws_dynamodb_table.state"]}}},"resources":[{"address":"aws_dynamodb_table.state","mode":"managed","type":"aws_dynamodb_table","name":"state","provider_config_key":"aws","expressions":{"attribute":[{"name":{"constant_value":"id"},"type":{"constant_value":"S"}}],"billing_mode":{"constant_value":"PAY_PER_REQUEST"},"hash_key":{"constant_value":"id"},"name":{"references":["var.app_name"]},"tags":{"references":["var.app_name"]}},"schema_version":1},{"address":"aws_s3_bucket.artifact","mode":"managed","type":"aws_s3_bucket","name":"artifact","provider_config_key":"aws","expressions":{"bucket":{"references":["var.app_name"]},"force_destroy":{"constant_value":true},"tags":{"references":["var.app_name"]}},"schema_version":0}],"variables":{"app_name":{"default":"ai-basis","description":"Name of the application"},"aws_region":{"default":"eu-central-1","description":"AWS region to deploy resources in"}}}},"relevant_attributes":[{"resource":"aws_dynamodb_table.state","attribute":["name"]},{"resource":"aws_s3_bucket.artifact","attribute":["bucket"]}],"timestamp":"2026-01-23T14:19:32Z","applyable":true,"complete":true,"errored":false}
