{
  "version": 4,
  "terraform_version": "1.13.5",
  "serial": 1,
  "lineage": "16ed9262-2ec6-25d8-ec3e-f490f993d109",
  "outputs": {
    "aws_region": {
      "value": "us-east-1",
      "type": "string"
    }
  },
  "resources": [
    {
      "mode": "managed",
      "type": "random_id",
      "name": "suffix",
      "provider": "provider[\"registry.terraform.io/hashicorp/random\"]",
      "instances": [
        {
          "schema_version": 0,
          "attributes": {
            "b64_std": "p2OIqg==",
            "b64_url": "p2OIqg",
            "byte_length": 4,
            "dec": "2808318122",
            "hex": "a76388aa",
            "id": "p2OIqg",
            "keepers": null,
            "prefix": null
          },
          "sensitive_attributes": [],
          "identity_schema_version": 0
        }
      ]
    }
  ],
  "check_results": null
}
