{"format_version":"1.2","terraform_version":"1.13.5","variables":{"aws_access_key":{"value":"terraform.txt"},"aws_secret_key":{"value":"terraform.txt"},"postgres_db_name":{"value":"terraform"},"postgres_password":{"value":"terraform"},"postgres_username":{"value":"terraform"}},"planned_values":{"root_module":{"resources":[{"address":"aws_db_instance.infrafy-postgres-db-instance","mode":"managed","type":"aws_db_instance","name":"infrafy-postgres-db-instance","provider_name":"registry.terraform.io/hashicorp/aws","schema_version":2,"values":{"allocated_storage":20,"allow_major_version_upgrade":null,"apply_immediately":true,"auto_minor_version_upgrade":true,"blue_green_update":[],"copy_tags_to_snapshot":false,"custom_iam_instance_profile":null,"customer_owned_ip_enabled":null,"db_name":"terraform","delete_automated_backups":true,"deletion_protection":null,"domain":null,"domain_auth_secret_arn":null,"domain_dns_ips":null,"domain_iam_role_name":null,"domain_ou":null,"enabled_cloudwatch_logs_exports":null,"engine":"postgres","engine_version":"16.1","final_snapshot_identifier":null,"iam_database_authentication_enabled":null,"identifier":"infrafy-postgres-db-instance","instance_class":"db.t3.micro","manage_master_user_password":null,"max_allocated_storage":null,"monitoring_interval":0,"multi_az":false,"password":"terraform","performance_insights_enabled":false,"publicly_accessible":true,"replicate_source_db":null,"restore_to_point_in_time":[],"s3_import":[],"skip_final_snapshot":true,"storage_encrypted":false,"tags":null,"timeouts":null,"username":"terraform"},"sensitive_values":{"blue_green_update":[],"listener_endpoint":[],"master_user_secret":[],"password":true,"replicas":[],"restore_to_point_in_time":[],"s3_import":[],"tags_all":{},"vpc_security_group_ids":[]}},{"address":"aws_db_parameter_group.default","mode":"managed","type":"aws_db_parameter_group","name":"default","provider_name":"registry.terraform.io/hashicorp/aws","schema_version":0,"values":{"description":"Managed by Terraform","family":"postgres16","parameter":[{"apply_method":"immediate","name":"rds.force_ssl","value":"0"}],"tags":null},"sensitive_values":{"parameter":[{}],"tags_all":{}}}]}},"resource_changes":[{"address":"aws_db_instance.infrafy-postgres-db-instance","mode":"managed","type":"aws_db_instance","name":"infrafy-postgres-db-instance","provider_name":"registry.terraform.io/hashicorp/aws","change":{"actions":["create"],"before":null,"after":{"allocated_storage":20,"allow_major_version_upgrade":null,"apply_immediately":true,"auto_minor_version_upgrade":true,"blue_green_update":[],"copy_tags_to_snapshot":false,"custom_iam_instance_profile":null,"customer_owned_ip_enabled":null,"db_name":"terraform","delete_automated_backups":true,"deletion_protection":null,"domain":null,"domain_auth_secret_arn":null,"domain_dns_ips":null,"domain_iam_role_name":null,"domain_ou":null,"enabled_cloudwatch_logs_exports":null,"engine":"postgres","engine_version":"16.1","final_snapshot_identifier":null,"iam_database_authentication_enabled":null,"identifier":"infrafy-postgres-db-instance","instance_class":"db.t3.micro","manage_master_user_password":null,"max_allocated_storage":null,"monitoring_interval":0,"multi_az":false,"password":"terraform","performance_insights_enabled":false,"publicly_accessible":true,"replicate_source_db":null,"restore_to_point_in_time":[],"s3_import":[],"skip_final_snapshot":true,"storage_encrypted":false,"tags":null,"timeouts":null,"username":"terraform"},"after_unknown":{"address":true,"arn":true,"availability_zone":true,"backup_retention_period":true,"backup_target":true,"backup_window":true,"blue_green_update":[],"ca_cert_identifier":true,"character_set_name":true,"db_subnet_group_name":true,"domain_fqdn":true,"endpoint":true,"engine_version_actual":true,"hosted_zone_id":true,"id":true,"identifier_prefix":true,"iops":true,"kms_key_id":true,"latest_restorable_time":true,"license_model":true,"listener_endpoint":true,"maintenance_window":true,"master_user_secret":true,"master_user_secret_kms_key_id":true,"monitoring_role_arn":true,"nchar_character_set_name":true,"network_type":true,"option_group_name":true,"parameter_group_name":true,"performance_insights_kms_key_id":true,"performance_insights_retention_period":true,"port":true,"replica_mode":true,"replicas":true,"resource_id":true,"restore_to_point_in_time":[],"s3_import":[],"snapshot_identifier":true,"status":true,"storage_throughput":true,"storage_type":true,"tags_all":true,"timezone":true,"vpc_security_group_ids":true},"before_sensitive":false,"after_sensitive":{"blue_green_update":[],"listener_endpoint":[],"master_user_secret":[],"password":true,"replicas":[],"restore_to_point_in_time":[],"s3_import":[],"tags_all":{},"vpc_security_group_ids":[]}}},{"address":"aws_db_parameter_group.default","mode":"managed","type":"aws_db_parameter_group","name":"default","provider_name":"registry.terraform.io/hashicorp/aws","change":{"actions":["create"],"before":null,"after":{"description":"Managed by Terraform","family":"postgres16","parameter":[{"apply_method":"immediate","name":"rds.force_ssl","value":"0"}],"tags":null},"after_unknown":{"arn":true,"id":true,"name":true,"name_prefix":true,"parameter":[{}],"tags_all":true},"before_sensitive":false,"after_sensitive":{"parameter":[{}],"tags_all":{}}}}],"configuration":{"provider_config":{"aws":{"name":"aws","full_name":"registry.terraform.io/hashicorp/aws","version_constraint":"5.43.0","expressions":{"access_key":{"references":["var.aws_access_key"]},"region":{"constant_value":"us-east-1"},"secret_key":{"references":["var.aws_secret_key"]}}}},"root_module":{"resources":[{"address":"aws_db_instance.infrafy-postgres-db-instance","mode":"managed","type":"aws_db_instance","name":"infrafy-postgres-db-instance","provider_config_key":"aws","expressions":{"allocated_storage":{"constant_value":20},"apply_immediately":{"constant_value":true},"db_name":{"references":["var.postgres_db_name"]},"delete_automated_backups":{"constant_value":true},"engine":{"constant_value":"postgres"},"engine_version":{"constant_value":"16.1"},"identifier":{"constant_value":"infrafy-postgres-db-instance"},"instance_class":{"constant_value":"db.t3.micro"},"multi_az":{"constant_value":false},"parameter_group_name":{"references":["aws_db_parameter_group.default.name","aws_db_parameter_group.default"]},"password":{"references":["var.postgres_password"]},"publicly_accessible":{"constant_value":true},"skip_final_snapshot":{"constant_value":true},"storage_encrypted":{"constant_value":false},"username":{"references":["var.postgres_username"]}},"schema_version":2},{"address":"aws_db_parameter_group.default","mode":"managed","type":"aws_db_parameter_group","name":"default","provider_config_key":"aws","expressions":{"family":{"constant_value":"postgres16"},"parameter":[{"name":{"constant_value":"rds.force_ssl"},"value":{"constant_value":"0"}}]},"schema_version":0}],"variables":{"aws_access_key":{"description":"AWS access key"},"aws_secret_key":{"description":"AWS secret key"},"postgres_db_name":{"description":"Database name"},"postgres_password":{"description":"Database password"},"postgres_username":{"description":"Database username"}}}},"relevant_attributes":[{"resource":"aws_db_parameter_group.default","attribute":["name"]}],"timestamp":"2026-01-25T19:00:15Z","applyable":true,"complete":true,"errored":false}
