{"format_version":"1.2","terraform_version":"1.13.5","variables":{"announcements":{"value":{}},"base_url":{"value":"http://www.gobcan.es/educacion/Nombramientos/Documentos"},"date_format":{"value":"02-01-06"},"lambda_artifacts_dir":{"value":"../dist"},"log_retention_in_days":{"value":14},"prefix":{"value":""},"region":{"value":"eu-west-1"},"schedule_expression":{"value":"ai-tf"},"tags":{"value":{"App":"cann","CreatedBy":"terraform","Environment":"production"}},"telegram_auth_token":{"value":"ai-tf"},"telegram_lambda_reserved_concurrency":{"value":2}},"planned_values":{"outputs":{"dynamodb_table_name":{"sensitive":false,"type":"string","value":"cann-announcements"},"lambda_check_arn":{"sensitive":false},"lambda_send_notification_arn":{"sensitive":false},"lambda_send_telegram_arn":{"sensitive":false},"sns_topic_arn":{"sensitive":false},"ssm_telegram_auth_token_name":{"sensitive":false,"type":"string","value":"/announcements/telegram/auth_token"}},"root_module":{"resources":[{"address":"aws_cloudwatch_event_rule.check_schedule","mode":"managed","type":"aws_cloudwatch_event_rule","name":"check_schedule","provider_name":"registry.terraform.io/hashicorp/aws","schema_version":1,"values":{"description":"Scheduled trigger for check_announcement","event_bus_name":"default","event_pattern":null,"force_destroy":false,"is_enabled":null,"name":"cann-check-announcement","role_arn":null,"schedule_expression":"ai-tf","state":null,"tags":null,"tags_all":{"App":"cann","CreatedBy":"terraform","Environment":"production"}},"sensitive_values":{"tags_all":{}}},{"address":"aws_cloudwatch_event_target.check_schedule","mode":"managed","type":"aws_cloudwatch_event_target","name":"check_schedule","provider_name":"registry.terraform.io/hashicorp/aws","schema_version":1,"values":{"appsync_target":[],"batch_target":[],"dead_letter_config":[],"ecs_target":[],"event_bus_name":"default","force_destroy":false,"http_target":[],"input":"{\"AnnouncementID\":\"ndptf\"}","input_path":null,"input_transformer":[],"kinesis_target":[],"redshift_target":[],"retry_policy":[],"role_arn":null,"rule":"cann-check-announcement","run_command_targets":[],"sagemaker_pipeline_target":[],"sqs_target":[],"target_id":"check_announcement"},"sensitive_values":{"appsync_target":[],"batch_target":[],"dead_letter_config":[],"ecs_target":[],"http_target":[],"input_transformer":[],"kinesis_target":[],"redshift_target":[],"retry_policy":[],"run_command_targets":[],"sagemaker_pipeline_target":[],"sqs_target":[]}},{"address":"aws_cloudwatch_log_group.check","mode":"managed","type":"aws_cloudwatch_log_group","name":"check","provider_name":"registry.terraform.io/hashicorp/aws","schema_version":0,"values":{"kms_key_id":null,"name":"/aws/lambda/check_announcement","retention_in_days":14,"skip_destroy":false,"tags":null,"tags_all":{"App":"cann","CreatedBy":"terraform","Environment":"production"}},"sensitive_values":{"tags_all":{}}},{"address":"aws_cloudwatch_log_group.send_notification","mode":"managed","type":"aws_cloudwatch_log_group","name":"send_notification","provider_name":"registry.terraform.io/hashicorp/aws","schema_version":0,"values":{"kms_key_id":null,"name":"/aws/lambda/send_notification","retention_in_days":14,"skip_destroy":false,"tags":null,"tags_all":{"App":"cann","CreatedBy":"terraform","Environment":"production"}},"sensitive_values":{"tags_all":{}}},{"address":"aws_cloudwatch_log_group.send_telegram","mode":"managed","type":"aws_cloudwatch_log_group","name":"send_telegram","provider_name":"registry.terraform.io/hashicorp/aws","schema_version":0,"values":{"kms_key_id":null,"name":"/aws/lambda/send_telegram_notification","retention_in_days":14,"skip_destroy":false,"tags":null,"tags_all":{"App":"cann","CreatedBy":"terraform","Environment":"production"}},"sensitive_values":{"tags_all":{}}},{"address":"aws_dynamodb_table.announcements","mode":"managed","type":"aws_dynamodb_table","name":"announcements","provider_name":"registry.terraform.io/hashicorp/aws","schema_version":1,"values":{"attribute":[{"name":"URL","type":"S"}],"billing_mode":"PAY_PER_REQUEST","deletion_protection_enabled":null,"global_secondary_index":[],"hash_key":"URL","import_table":[],"local_secondary_index":[],"name":"cann-announcements","on_demand_throughput":[],"point_in_time_recovery":[{"enabled":true}],"range_key":null,"replica":[],"restore_date_time":null,"restore_source_name":null,"restore_source_table_arn":null,"restore_to_latest_time":null,"stream_enabled":true,"stream_view_type":"NEW_IMAGE","table_class":null,"tags":null,"tags_all":{"App":"cann","CreatedBy":"terraform","Environment":"production"},"timeouts":null,"ttl":[{"attribute_name":"TTL","enabled":true}]},"sensitive_values":{"attribute":[{}],"global_secondary_index":[],"import_table":[],"local_secondary_index":[],"on_demand_throughput":[],"point_in_time_recovery":[{}],"replica":[],"server_side_encryption":[],"tags_all":{},"ttl":[{}]}},{"address":"aws_iam_policy.check","mode":"managed","type":"aws_iam_policy","name":"check","provider_name":"registry.terraform.io/hashicorp/aws","schema_version":0,"values":{"description":null,"name":"check_announcement-policy","path":"/","tags":null,"tags_all":{"App":"cann","CreatedBy":"terraform","Environment":"production"}},"sensitive_values":{"tags_all":{}}},{"address":"aws_iam_policy.send_notification","mode":"managed","type":"aws_iam_policy","name":"send_notification","provider_name":"registry.terraform.io/hashicorp/aws","schema_version":0,"values":{"description":null,"name":"send_notification-policy","path":"/","tags":null,"tags_all":{"App":"cann","CreatedBy":"terraform","Environment":"production"}},"sensitive_values":{"tags_all":{}}},{"address":"aws_iam_policy.send_telegram","mode":"managed","type":"aws_iam_policy","name":"send_telegram","provider_name":"registry.terraform.io/hashicorp/aws","schema_version":0,"values":{"description":null,"name":"send_telegram_notification-policy","path":"/","tags":null,"tags_all":{"App":"cann","CreatedBy":"terraform","Environment":"production"}},"sensitive_values":{"tags_all":{}}},{"address":"aws_iam_role.check","mode":"managed","type":"aws_iam_role","name":"check","provider_name":"registry.terraform.io/hashicorp/aws","schema_version":0,"values":{"assume_role_policy":"{\"Statement\":[{\"Action\":\"sts:AssumeRole\",\"Effect\":\"Allow\",\"Principal\":{\"Service\":\"lambda.amazonaws.com\"}}],\"Version\":\"2012-10-17\"}","description":null,"force_detach_policies":false,"max_session_duration":3600,"name":"check_announcement-role","path":"/","permissions_boundary":null,"tags":null,"tags_all":{"App":"cann","CreatedBy":"terraform","Environment":"production"}},"sensitive_values":{"inline_policy":[],"managed_policy_arns":[],"tags_all":{}}},{"address":"aws_iam_role.send_notification","mode":"managed","type":"aws_iam_role","name":"send_notification","provider_name":"registry.terraform.io/hashicorp/aws","schema_version":0,"values":{"assume_role_policy":"{\"Statement\":[{\"Action\":\"sts:AssumeRole\",\"Effect\":\"Allow\",\"Principal\":{\"Service\":\"lambda.amazonaws.com\"}}],\"Version\":\"2012-10-17\"}","description":null,"force_detach_policies":false,"max_session_duration":3600,"name":"send_notification-role","path":"/","permissions_boundary":null,"tags":null,"tags_all":{"App":"cann","CreatedBy":"terraform","Environment":"production"}},"sensitive_values":{"inline_policy":[],"managed_policy_arns":[],"tags_all":{}}},{"address":"aws_iam_role.send_telegram","mode":"managed","type":"aws_iam_role","name":"send_telegram","provider_name":"registry.terraform.io/hashicorp/aws","schema_version":0,"values":{"assume_role_policy":"{\"Statement\":[{\"Action\":\"sts:AssumeRole\",\"Effect\":\"Allow\",\"Principal\":{\"Service\":\"lambda.amazonaws.com\"}}],\"Version\":\"2012-10-17\"}","description":null,"force_detach_policies":false,"max_session_duration":3600,"name":"send_telegram_notification-role","path":"/","permissions_boundary":null,"tags":null,"tags_all":{"App":"cann","CreatedBy":"terraform","Environment":"production"}},"sensitive_values":{"inline_policy":[],"managed_policy_arns":[],"tags_all":{}}},{"address":"aws_iam_role_policy_attachment.check","mode":"managed","type":"aws_iam_role_policy_attachment","name":"check","provider_name":"registry.terraform.io/hashicorp/aws","schema_version":0,"values":{"role":"check_announcement-role"},"sensitive_values":{}},{"address":"aws_iam_role_policy_attachment.send_notification","mode":"managed","type":"aws_iam_role_policy_attachment","name":"send_notification","provider_name":"registry.terraform.io/hashicorp/aws","schema_version":0,"values":{"role":"send_notification-role"},"sensitive_values":{}},{"address":"aws_iam_role_policy_attachment.send_telegram","mode":"managed","type":"aws_iam_role_policy_attachment","name":"send_telegram","provider_name":"registry.terraform.io/hashicorp/aws","schema_version":0,"values":{"role":"send_telegram_notification-role"},"sensitive_values":{}},{"address":"aws_kms_alias.ssm","mode":"managed","type":"aws_kms_alias","name":"ssm","provider_name":"registry.terraform.io/hashicorp/aws","schema_version":0,"values":{"name":"alias/cann-ssm"},"sensitive_values":{}},{"address":"aws_kms_key.ssm","mode":"managed","type":"aws_kms_key","name":"ssm","provider_name":"registry.terraform.io/hashicorp/aws","schema_version":0,"values":{"bypass_policy_lockout_safety_check":false,"custom_key_store_id":null,"customer_master_key_spec":"SYMMETRIC_DEFAULT","deletion_window_in_days":7,"description":"KMS key for SSM Parameter Store SecureString (cann)","enable_key_rotation":true,"is_enabled":true,"key_usage":"ENCRYPT_DECRYPT","tags":null,"tags_all":{"App":"cann","CreatedBy":"terraform","Environment":"production"},"timeouts":null,"xks_key_id":null},"sensitive_values":{"tags_all":{}}},{"address":"aws_lambda_event_source_mapping.ddb_stream_to_send_notification","mode":"managed","type":"aws_lambda_event_source_mapping","name":"ddb_stream_to_send_notification","provider_name":"registry.terraform.io/hashicorp/aws","schema_version":0,"values":{"batch_size":null,"bisect_batch_on_function_error":null,"destination_config":[],"document_db_event_source_config":[],"enabled":true,"filter_criteria":[{"filter":[{"pattern":"{\"eventName\":[\"INSERT\"]}"}]}],"function_response_types":null,"kms_key_arn":null,"maximum_batching_window_in_seconds":null,"metrics_config":[],"provisioned_poller_config":[],"queues":null,"scaling_config":[],"self_managed_event_source":[],"source_access_configuration":[],"starting_position":"LATEST","starting_position_timestamp":null,"tags":null,"tags_all":{"App":"cann","CreatedBy":"terraform","Environment":"production"},"topics":null,"tumbling_window_in_seconds":null},"sensitive_values":{"amazon_managed_kafka_event_source_config":[],"destination_config":[],"document_db_event_source_config":[],"filter_criteria":[{"filter":[{}]}],"metrics_config":[],"provisioned_poller_config":[],"scaling_config":[],"self_managed_event_source":[],"self_managed_kafka_event_source_config":[],"source_access_configuration":[],"tags_all":{}}},{"address":"aws_lambda_function.check","mode":"managed","type":"aws_lambda_function","name":"check","provider_name":"registry.terraform.io/hashicorp/aws","schema_version":0,"values":{"code_signing_config_arn":null,"dead_letter_config":[],"description":"Check if there is a new announcement and store state in DynamoDB","environment":[{"variables":{"BASE_URL":"http://www.gobcan.es/educacion/Nombramientos/Documentos","DATE_FORMAT":"02-01-06","DYNAMODB_TABLE":"cann-announcements"}}],"file_system_config":[],"filename":"./.dummy/lambda.zip","function_name":"check_announcement","handler":"main","image_config":[],"image_uri":null,"kms_key_arn":null,"layers":null,"memory_size":128,"package_type":"Zip","publish":false,"replace_security_groups_on_destroy":null,"replacement_security_group_ids":null,"reserved_concurrent_executions":-1,"runtime":"go1.x","s3_bucket":null,"s3_key":null,"s3_object_version":null,"skip_destroy":false,"snap_start":[],"source_code_hash":"wmbalFzzY/wG3ivChKElOZB3+B4gptmQyIat05p+fU4=","tags":null,"tags_all":{"App":"cann","CreatedBy":"terraform","Environment":"production"},"timeout":10,"timeouts":null,"vpc_config":[]},"sensitive_values":{"architectures":[],"dead_letter_config":[],"environment":[{"variables":{}}],"ephemeral_storage":[],"file_system_config":[],"image_config":[],"logging_config":[],"snap_start":[],"tags_all":{},"tracing_config":[],"vpc_config":[]}},{"address":"aws_lambda_function.send_notification","mode":"managed","type":"aws_lambda_function","name":"send_notification","provider_name":"registry.terraform.io/hashicorp/aws","schema_version":0,"values":{"code_signing_config_arn":null,"dead_letter_config":[],"description":"Publish DynamoDB stream inserts to SNS","environment":[{}],"file_system_config":[],"filename":"./.dummy/lambda.zip","function_name":"send_notification","handler":"main","image_config":[],"image_uri":null,"kms_key_arn":null,"layers":null,"memory_size":128,"package_type":"Zip","publish":false,"replace_security_groups_on_destroy":null,"replacement_security_group_ids":null,"reserved_concurrent_executions":-1,"runtime":"go1.x","s3_bucket":null,"s3_key":null,"s3_object_version":null,"skip_destroy":false,"snap_start":[],"source_code_hash":"wmbalFzzY/wG3ivChKElOZB3+B4gptmQyIat05p+fU4=","tags":null,"tags_all":{"App":"cann","CreatedBy":"terraform","Environment":"production"},"timeout":10,"timeouts":null,"vpc_config":[]},"sensitive_values":{"architectures":[],"dead_letter_config":[],"environment":[{"variables":{}}],"ephemeral_storage":[],"file_system_config":[],"image_config":[],"logging_config":[],"snap_start":[],"tags_all":{},"tracing_config":[],"vpc_config":[]}},{"address":"aws_lambda_function.send_telegram","mode":"managed","type":"aws_lambda_function","name":"send_telegram","provider_name":"registry.terraform.io/hashicorp/aws","schema_version":0,"values":{"code_signing_config_arn":null,"dead_letter_config":[],"description":"Send SNS notifications to Telegram","environment":[{"variables":{"SSM_TELEGRAM_AUTH_TOKEN":"/announcements/telegram/auth_token","SSM_TELEGRAM_CHANNEL_NAME":"/announcements/telegram/{{.AnnouncementID}}/channel_name","SSM_TELEGRAM_CHAT_ID":"/announcements/telegram/{{.AnnouncementID}}/chat_id"}}],"file_system_config":[],"filename":"./.dummy/lambda.zip","function_name":"send_telegram_notification","handler":"main","image_config":[],"image_uri":null,"kms_key_arn":null,"layers":null,"memory_size":256,"package_type":"Zip","publish":false,"replace_security_groups_on_destroy":null,"replacement_security_group_ids":null,"reserved_concurrent_executions":2,"runtime":"go1.x","s3_bucket":null,"s3_key":null,"s3_object_version":null,"skip_destroy":false,"snap_start":[],"source_code_hash":"wmbalFzzY/wG3ivChKElOZB3+B4gptmQyIat05p+fU4=","tags":null,"tags_all":{"App":"cann","CreatedBy":"terraform","Environment":"production"},"timeout":30,"timeouts":null,"vpc_config":[]},"sensitive_values":{"architectures":[],"dead_letter_config":[],"environment":[{"variables":{}}],"ephemeral_storage":[],"file_system_config":[],"image_config":[],"logging_config":[],"snap_start":[],"tags_all":{},"tracing_config":[],"vpc_config":[]}},{"address":"aws_lambda_permission.allow_eventbridge","mode":"managed","type":"aws_lambda_permission","name":"allow_eventbridge","provider_name":"registry.terraform.io/hashicorp/aws","schema_version":0,"values":{"action":"lambda:InvokeFunction","event_source_token":null,"function_name":"check_announcement","function_url_auth_type":null,"principal":"events.amazonaws.com","principal_org_id":null,"qualifier":null,"source_account":null,"statement_id":"AllowExecutionFromEventBridge"},"sensitive_values":{}},{"address":"aws_lambda_permission.allow_sns","mode":"managed","type":"aws_lambda_permission","name":"allow_sns","provider_name":"registry.terraform.io/hashicorp/aws","schema_version":0,"values":{"action":"lambda:InvokeFunction","event_source_token":null,"function_name":"send_telegram_notification","function_url_auth_type":null,"principal":"sns.amazonaws.com","principal_org_id":null,"qualifier":null,"source_account":null,"statement_id":"AllowExecutionFromSNS"},"sensitive_values":{}},{"address":"aws_sns_topic.notifications","mode":"managed","type":"aws_sns_topic","name":"notifications","provider_name":"registry.terraform.io/hashicorp/aws","schema_version":0,"values":{"application_failure_feedback_role_arn":null,"application_success_feedback_role_arn":null,"application_success_feedback_sample_rate":null,"archive_policy":null,"content_based_deduplication":false,"delivery_policy":null,"display_name":null,"fifo_topic":false,"firehose_failure_feedback_role_arn":null,"firehose_success_feedback_role_arn":null,"firehose_success_feedback_sample_rate":null,"http_failure_feedback_role_arn":null,"http_success_feedback_role_arn":null,"http_success_feedback_sample_rate":null,"kms_master_key_id":null,"lambda_failure_feedback_role_arn":null,"lambda_success_feedback_role_arn":null,"lambda_success_feedback_sample_rate":null,"name":"cann-notifications","sqs_failure_feedback_role_arn":null,"sqs_success_feedback_role_arn":null,"sqs_success_feedback_sample_rate":null,"tags":null,"tags_all":{"App":"cann","CreatedBy":"terraform","Environment":"production"}},"sensitive_values":{"tags_all":{}}},{"address":"aws_sns_topic_subscription.telegram","mode":"managed","type":"aws_sns_topic_subscription","name":"telegram","provider_name":"registry.terraform.io/hashicorp/aws","schema_version":0,"values":{"confirmation_timeout_in_minutes":1,"delivery_policy":null,"endpoint_auto_confirms":false,"filter_policy":null,"protocol":"lambda","raw_message_delivery":false,"redrive_policy":null,"replay_policy":null,"subscription_role_arn":null},"sensitive_values":{}},{"address":"aws_ssm_parameter.telegram_auth_token","mode":"managed","type":"aws_ssm_parameter","name":"telegram_auth_token","provider_name":"registry.terraform.io/hashicorp/aws","schema_version":0,"values":{"allowed_pattern":null,"description":null,"name":"/announcements/telegram/auth_token","overwrite":null,"tags":null,"tags_all":{"App":"cann","CreatedBy":"terraform","Environment":"production"},"type":"SecureString","value":"ai-tf","value_wo":null,"value_wo_version":null},"sensitive_values":{"tags_all":{},"value":true,"value_wo":true}},{"address":"data.aws_iam_policy_document.check","mode":"data","type":"aws_iam_policy_document","name":"check","provider_name":"registry.terraform.io/hashicorp/aws","schema_version":0,"values":{"override_json":null,"override_policy_documents":null,"policy_id":null,"source_json":null,"source_policy_documents":null,"statement":[{"actions":["dynamodb:GetItem","dynamodb:PutItem"],"condition":[],"effect":"Allow","not_actions":null,"not_principals":[],"not_resources":null,"principals":[],"resources":[null],"sid":"DynamoDBReadWrite"},{"actions":["logs:CreateLogStream","logs:PutLogEvents"],"condition":[],"effect":"Allow","not_actions":null,"not_principals":[],"not_resources":null,"principals":[],"resources":[null],"sid":"Logs"}],"version":null},"sensitive_values":{"statement":[{"actions":[false,false],"condition":[],"not_principals":[],"principals":[],"resources":[false]},{"actions":[false,false],"condition":[],"not_principals":[],"principals":[],"resources":[false]}]}},{"address":"data.aws_iam_policy_document.send_notification","mode":"data","type":"aws_iam_policy_document","name":"send_notification","provider_name":"registry.terraform.io/hashicorp/aws","schema_version":0,"values":{"override_json":null,"override_policy_documents":null,"policy_id":null,"source_json":null,"source_policy_documents":null,"statement":[{"actions":["dynamodb:DescribeStream","dynamodb:GetRecords","dynamodb:GetShardIterator","dynamodb:ListStreams"],"condition":[],"effect":"Allow","not_actions":null,"not_principals":[],"not_resources":null,"principals":[],"resources":[null],"sid":"ReadDynamoDBStream"},{"actions":["sns:Publish"],"condition":[],"effect":"Allow","not_actions":null,"not_principals":[],"not_resources":null,"principals":[],"resources":[null],"sid":"PublishSNS"},{"actions":["logs:CreateLogStream","logs:PutLogEvents"],"condition":[],"effect":"Allow","not_actions":null,"not_principals":[],"not_resources":null,"principals":[],"resources":[null],"sid":"Logs"}],"version":null},"sensitive_values":{"statement":[{"actions":[false,false,false,false],"condition":[],"not_principals":[],"principals":[],"resources":[false]},{"actions":[false],"condition":[],"not_principals":[],"principals":[],"resources":[false]},{"actions":[false,false],"condition":[],"not_principals":[],"principals":[],"resources":[false]}]}},{"address":"data.aws_iam_policy_document.send_telegram","mode":"data","type":"aws_iam_policy_document","name":"send_telegram","provider_name":"registry.terraform.io/hashicorp/aws","schema_version":0,"values":{"override_json":null,"override_policy_documents":null,"policy_id":null,"source_json":null,"source_policy_documents":null,"statement":[{"actions":["ssm:GetParameter","ssm:GetParametersByPath"],"condition":[],"effect":"Allow","not_actions":null,"not_principals":[],"not_resources":null,"principals":[],"resources":["arn:aws:ssm:eu-west-1:000000000000:parameter/announcements/telegram/*",null],"sid":"SSMRead"},{"actions":["kms:Decrypt"],"condition":[],"effect":"Allow","not_actions":null,"not_principals":[],"not_resources":null,"principals":[],"resources":[null],"sid":"KMSDecryptForSSM"},{"actions":["logs:CreateLogStream","logs:PutLogEvents"],"condition":[],"effect":"Allow","not_actions":null,"not_principals":[],"not_resources":null,"principals":[],"resources":[null],"sid":"Logs"}],"version":null},"sensitive_values":{"statement":[{"actions":[false,false],"condition":[],"not_principals":[],"principals":[],"resources":[false,false]},{"actions":[false],"condition":[],"not_principals":[],"principals":[],"resources":[false]},{"actions":[false,false],"condition":[],"not_principals":[],"principals":[],"resources":[false]}]}}]}},"resource_changes":[{"address":"data.aws_iam_policy_document.check","mode":"data","type":"aws_iam_policy_document","name":"check","provider_name":"registry.terraform.io/hashicorp/aws","change":{"actions":["read"],"before":null,"after":{"override_json":null,"override_policy_documents":null,"policy_id":null,"source_json":null,"source_policy_documents":null,"statement":[{"actions":["dynamodb:GetItem","dynamodb:PutItem"],"condition":[],"effect":"Allow","not_actions":null,"not_principals":[],"not_resources":null,"principals":[],"resources":[null],"sid":"DynamoDBReadWrite"},{"actions":["logs:CreateLogStream","logs:PutLogEvents"],"condition":[],"effect":"Allow","not_actions":null,"not_principals":[],"not_resources":null,"principals":[],"resources":[null],"sid":"Logs"}],"version":null},"after_unknown":{"id":true,"json":true,"minified_json":true,"statement":[{"actions":[false,false],"condition":[],"not_principals":[],"principals":[],"resources":[true]},{"actions":[false,false],"condition":[],"not_principals":[],"principals":[],"resources":[true]}]},"before_sensitive":false,"after_sensitive":{"statement":[{"actions":[false,false],"condition":[],"not_principals":[],"principals":[],"resources":[false]},{"actions":[false,false],"condition":[],"not_principals":[],"principals":[],"resources":[false]}]}},"action_reason":"read_because_config_unknown"},{"address":"data.aws_iam_policy_document.send_notification","mode":"data","type":"aws_iam_policy_document","name":"send_notification","provider_name":"registry.terraform.io/hashicorp/aws","change":{"actions":["read"],"before":null,"after":{"override_json":null,"override_policy_documents":null,"policy_id":null,"source_json":null,"source_policy_documents":null,"statement":[{"actions":["dynamodb:DescribeStream","dynamodb:GetRecords","dynamodb:GetShardIterator","dynamodb:ListStreams"],"condition":[],"effect":"Allow","not_actions":null,"not_principals":[],"not_resources":null,"principals":[],"resources":[null],"sid":"ReadDynamoDBStream"},{"actions":["sns:Publish"],"condition":[],"effect":"Allow","not_actions":null,"not_principals":[],"not_resources":null,"principals":[],"resources":[null],"sid":"PublishSNS"},{"actions":["logs:CreateLogStream","logs:PutLogEvents"],"condition":[],"effect":"Allow","not_actions":null,"not_principals":[],"not_resources":null,"principals":[],"resources":[null],"sid":"Logs"}],"version":null},"after_unknown":{"id":true,"json":true,"minified_json":true,"statement":[{"actions":[false,false,false,false],"condition":[],"not_principals":[],"principals":[],"resources":[true]},{"actions":[false],"condition":[],"not_principals":[],"principals":[],"resources":[true]},{"actions":[false,false],"condition":[],"not_principals":[],"principals":[],"resources":[true]}]},"before_sensitive":false,"after_sensitive":{"statement":[{"actions":[false,false,false,false],"condition":[],"not_principals":[],"principals":[],"resources":[false]},{"actions":[false],"condition":[],"not_principals":[],"principals":[],"resources":[false]},{"actions":[false,false],"condition":[],"not_principals":[],"principals":[],"resources":[false]}]}},"action_reason":"read_because_config_unknown"},{"address":"data.aws_iam_policy_document.send_telegram","mode":"data","type":"aws_iam_policy_document","name":"send_telegram","provider_name":"registry.terraform.io/hashicorp/aws","change":{"actions":["read"],"before":null,"after":{"override_json":null,"override_policy_documents":null,"policy_id":null,"source_json":null,"source_policy_documents":null,"statement":[{"actions":["ssm:GetParameter","ssm:GetParametersByPath"],"condition":[],"effect":"Allow","not_actions":null,"not_principals":[],"not_resources":null,"principals":[],"resources":["arn:aws:ssm:eu-west-1:000000000000:parameter/announcements/telegram/*",null],"sid":"SSMRead"},{"actions":["kms:Decrypt"],"condition":[],"effect":"Allow","not_actions":null,"not_principals":[],"not_resources":null,"principals":[],"resources":[null],"sid":"KMSDecryptForSSM"},{"actions":["logs:CreateLogStream","logs:PutLogEvents"],"condition":[],"effect":"Allow","not_actions":null,"not_principals":[],"not_resources":null,"principals":[],"resources":[null],"sid":"Logs"}],"version":null},"after_unknown":{"id":true,"json":true,"minified_json":true,"statement":[{"actions":[false,false],"condition":[],"not_principals":[],"principals":[],"resources":[false,true]},{"actions":[false],"condition":[],"not_principals":[],"principals":[],"resources":[true]},{"actions":[false,false],"condition":[],"not_principals":[],"principals":[],"resources":[true]}]},"before_sensitive":false,"after_sensitive":{"statement":[{"actions":[false,false],"condition":[],"not_principals":[],"principals":[],"resources":[false,false]},{"actions":[false],"condition":[],"not_principals":[],"principals":[],"resources":[false]},{"actions":[false,false],"condition":[],"not_principals":[],"principals":[],"resources":[false]}]}},"action_reason":"read_because_config_unknown"},{"address":"aws_cloudwatch_event_rule.check_schedule","mode":"managed","type":"aws_cloudwatch_event_rule","name":"check_schedule","provider_name":"registry.terraform.io/hashicorp/aws","change":{"actions":["create"],"before":null,"after":{"description":"Scheduled trigger for check_announcement","event_bus_name":"default","event_pattern":null,"force_destroy":false,"is_enabled":null,"name":"cann-check-announcement","role_arn":null,"schedule_expression":"ai-tf","state":null,"tags":null,"tags_all":{"App":"cann","CreatedBy":"terraform","Environment":"production"}},"after_unknown":{"arn":true,"id":true,"name_prefix":true,"tags_all":{}},"before_sensitive":false,"after_sensitive":{"tags_all":{}}}},{"address":"aws_cloudwatch_event_target.check_schedule","mode":"managed","type":"aws_cloudwatch_event_target","name":"check_schedule","provider_name":"registry.terraform.io/hashicorp/aws","change":{"actions":["create"],"before":null,"after":{"appsync_target":[],"batch_target":[],"dead_letter_config":[],"ecs_target":[],"event_bus_name":"default","force_destroy":false,"http_target":[],"input":"{\"AnnouncementID\":\"ndptf\"}","input_path":null,"input_transformer":[],"kinesis_target":[],"redshift_target":[],"retry_policy":[],"role_arn":null,"rule":"cann-check-announcement","run_command_targets":[],"sagemaker_pipeline_target":[],"sqs_target":[],"target_id":"check_announcement"},"after_unknown":{"appsync_target":[],"arn":true,"batch_target":[],"dead_letter_config":[],"ecs_target":[],"http_target":[],"id":true,"input_transformer":[],"kinesis_target":[],"redshift_target":[],"retry_policy":[],"run_command_targets":[],"sagemaker_pipeline_target":[],"sqs_target":[]},"before_sensitive":false,"after_sensitive":{"appsync_target":[],"batch_target":[],"dead_letter_config":[],"ecs_target":[],"http_target":[],"input_transformer":[],"kinesis_target":[],"redshift_target":[],"retry_policy":[],"run_command_targets":[],"sagemaker_pipeline_target":[],"sqs_target":[]}}},{"address":"aws_cloudwatch_log_group.check","mode":"managed","type":"aws_cloudwatch_log_group","name":"check","provider_name":"registry.terraform.io/hashicorp/aws","change":{"actions":["create"],"before":null,"after":{"kms_key_id":null,"name":"/aws/lambda/check_announcement","retention_in_days":14,"skip_destroy":false,"tags":null,"tags_all":{"App":"cann","CreatedBy":"terraform","Environment":"production"}},"after_unknown":{"arn":true,"id":true,"log_group_class":true,"name_prefix":true,"tags_all":{}},"before_sensitive":false,"after_sensitive":{"tags_all":{}}}},{"address":"aws_cloudwatch_log_group.send_notification","mode":"managed","type":"aws_cloudwatch_log_group","name":"send_notification","provider_name":"registry.terraform.io/hashicorp/aws","change":{"actions":["create"],"before":null,"after":{"kms_key_id":null,"name":"/aws/lambda/send_notification","retention_in_days":14,"skip_destroy":false,"tags":null,"tags_all":{"App":"cann","CreatedBy":"terraform","Environment":"production"}},"after_unknown":{"arn":true,"id":true,"log_group_class":true,"name_prefix":true,"tags_all":{}},"before_sensitive":false,"after_sensitive":{"tags_all":{}}}},{"address":"aws_cloudwatch_log_group.send_telegram","mode":"managed","type":"aws_cloudwatch_log_group","name":"send_telegram","provider_name":"registry.terraform.io/hashicorp/aws","change":{"actions":["create"],"before":null,"after":{"kms_key_id":null,"name":"/aws/lambda/send_telegram_notification","retention_in_days":14,"skip_destroy":false,"tags":null,"tags_all":{"App":"cann","CreatedBy":"terraform","Environment":"production"}},"after_unknown":{"arn":true,"id":true,"log_group_class":true,"name_prefix":true,"tags_all":{}},"before_sensitive":false,"after_sensitive":{"tags_all":{}}}},{"address":"aws_dynamodb_table.announcements","mode":"managed","type":"aws_dynamodb_table","name":"announcements","provider_name":"registry.terraform.io/hashicorp/aws","change":{"actions":["create"],"before":null,"after":{"attribute":[{"name":"URL","type":"S"}],"billing_mode":"PAY_PER_REQUEST","deletion_protection_enabled":null,"global_secondary_index":[],"hash_key":"URL","import_table":[],"local_secondary_index":[],"name":"cann-announcements","on_demand_throughput":[],"point_in_time_recovery":[{"enabled":true}],"range_key":null,"replica":[],"restore_date_time":null,"restore_source_name":null,"restore_source_table_arn":null,"restore_to_latest_time":null,"stream_enabled":true,"stream_view_type":"NEW_IMAGE","table_class":null,"tags":null,"tags_all":{"App":"cann","CreatedBy":"terraform","Environment":"production"},"timeouts":null,"ttl":[{"attribute_name":"TTL","enabled":true}]},"after_unknown":{"arn":true,"attribute":[{}],"global_secondary_index":[],"id":true,"import_table":[],"local_secondary_index":[],"on_demand_throughput":[],"point_in_time_recovery":[{"recovery_period_in_days":true}],"read_capacity":true,"replica":[],"server_side_encryption":true,"stream_arn":true,"stream_label":true,"tags_all":{},"ttl":[{}],"write_capacity":true},"before_sensitive":false,"after_sensitive":{"attribute":[{}],"global_secondary_index":[],"import_table":[],"local_secondary_index":[],"on_demand_throughput":[],"point_in_time_recovery":[{}],"replica":[],"server_side_encryption":[],"tags_all":{},"ttl":[{}]}}},{"address":"aws_iam_policy.check","mode":"managed","type":"aws_iam_policy","name":"check","provider_name":"registry.terraform.io/hashicorp/aws","change":{"actions":["create"],"before":null,"after":{"description":null,"name":"check_announcement-policy","path":"/","tags":null,"tags_all":{"App":"cann","CreatedBy":"terraform","Environment":"production"}},"after_unknown":{"arn":true,"attachment_count":true,"id":true,"name_prefix":true,"policy":true,"policy_id":true,"tags_all":{}},"before_sensitive":false,"after_sensitive":{"tags_all":{}}}},{"address":"aws_iam_policy.send_notification","mode":"managed","type":"aws_iam_policy","name":"send_notification","provider_name":"registry.terraform.io/hashicorp/aws","change":{"actions":["create"],"before":null,"after":{"description":null,"name":"send_notification-policy","path":"/","tags":null,"tags_all":{"App":"cann","CreatedBy":"terraform","Environment":"production"}},"after_unknown":{"arn":true,"attachment_count":true,"id":true,"name_prefix":true,"policy":true,"policy_id":true,"tags_all":{}},"before_sensitive":false,"after_sensitive":{"tags_all":{}}}},{"address":"aws_iam_policy.send_telegram","mode":"managed","type":"aws_iam_policy","name":"send_telegram","provider_name":"registry.terraform.io/hashicorp/aws","change":{"actions":["create"],"before":null,"after":{"description":null,"name":"send_telegram_notification-policy","path":"/","tags":null,"tags_all":{"App":"cann","CreatedBy":"terraform","Environment":"production"}},"after_unknown":{"arn":true,"attachment_count":true,"id":true,"name_prefix":true,"policy":true,"policy_id":true,"tags_all":{}},"before_sensitive":false,"after_sensitive":{"tags_all":{}}}},{"address":"aws_iam_role.check","mode":"managed","type":"aws_iam_role","name":"check","provider_name":"registry.terraform.io/hashicorp/aws","change":{"actions":["create"],"before":null,"after":{"assume_role_policy":"{\"Statement\":[{\"Action\":\"sts:AssumeRole\",\"Effect\":\"Allow\",\"Principal\":{\"Service\":\"lambda.amazonaws.com\"}}],\"Version\":\"2012-10-17\"}","description":null,"force_detach_policies":false,"max_session_duration":3600,"name":"check_announcement-role","path":"/","permissions_boundary":null,"tags":null,"tags_all":{"App":"cann","CreatedBy":"terraform","Environment":"production"}},"after_unknown":{"arn":true,"create_date":true,"id":true,"inline_policy":true,"managed_policy_arns":true,"name_prefix":true,"tags_all":{},"unique_id":true},"before_sensitive":false,"after_sensitive":{"inline_policy":[],"managed_policy_arns":[],"tags_all":{}}}},{"address":"aws_iam_role.send_notification","mode":"managed","type":"aws_iam_role","name":"send_notification","provider_name":"registry.terraform.io/hashicorp/aws","change":{"actions":["create"],"before":null,"after":{"assume_role_policy":"{\"Statement\":[{\"Action\":\"sts:AssumeRole\",\"Effect\":\"Allow\",\"Principal\":{\"Service\":\"lambda.amazonaws.com\"}}],\"Version\":\"2012-10-17\"}","description":null,"force_detach_policies":false,"max_session_duration":3600,"name":"send_notification-role","path":"/","permissions_boundary":null,"tags":null,"tags_all":{"App":"cann","CreatedBy":"terraform","Environment":"production"}},"after_unknown":{"arn":true,"create_date":true,"id":true,"inline_policy":true,"managed_policy_arns":true,"name_prefix":true,"tags_all":{},"unique_id":true},"before_sensitive":false,"after_sensitive":{"inline_policy":[],"managed_policy_arns":[],"tags_all":{}}}},{"address":"aws_iam_role.send_telegram","mode":"managed","type":"aws_iam_role","name":"send_telegram","provider_name":"registry.terraform.io/hashicorp/aws","change":{"actions":["create"],"before":null,"after":{"assume_role_policy":"{\"Statement\":[{\"Action\":\"sts:AssumeRole\",\"Effect\":\"Allow\",\"Principal\":{\"Service\":\"lambda.amazonaws.com\"}}],\"Version\":\"2012-10-17\"}","description":null,"force_detach_policies":false,"max_session_duration":3600,"name":"send_telegram_notification-role","path":"/","permissions_boundary":null,"tags":null,"tags_all":{"App":"cann","CreatedBy":"terraform","Environment":"production"}},"after_unknown":{"arn":true,"create_date":true,"id":true,"inline_policy":true,"managed_policy_arns":true,"name_prefix":true,"tags_all":{},"unique_id":true},"before_sensitive":false,"after_sensitive":{"inline_policy":[],"managed_policy_arns":[],"tags_all":{}}}},{"address":"aws_iam_role_policy_attachment.check","mode":"managed","type":"aws_iam_role_policy_attachment","name":"check","provider_name":"registry.terraform.io/hashicorp/aws","change":{"actions":["create"],"before":null,"after":{"role":"check_announcement-role"},"after_unknown":{"id":true,"policy_arn":true},"before_sensitive":false,"after_sensitive":{}}},{"address":"aws_iam_role_policy_attachment.send_notification","mode":"managed","type":"aws_iam_role_policy_attachment","name":"send_notification","provider_name":"registry.terraform.io/hashicorp/aws","change":{"actions":["create"],"before":null,"after":{"role":"send_notification-role"},"after_unknown":{"id":true,"policy_arn":true},"before_sensitive":false,"after_sensitive":{}}},{"address":"aws_iam_role_policy_attachment.send_telegram","mode":"managed","type":"aws_iam_role_policy_attachment","name":"send_telegram","provider_name":"registry.terraform.io/hashicorp/aws","change":{"actions":["create"],"before":null,"after":{"role":"send_telegram_notification-role"},"after_unknown":{"id":true,"policy_arn":true},"before_sensitive":false,"after_sensitive":{}}},{"address":"aws_kms_alias.ssm","mode":"managed","type":"aws_kms_alias","name":"ssm","provider_name":"registry.terraform.io/hashicorp/aws","change":{"actions":["create"],"before":null,"after":{"name":"alias/cann-ssm"},"after_unknown":{"arn":true,"id":true,"name_prefix":true,"target_key_arn":true,"target_key_id":true},"before_sensitive":false,"after_sensitive":{}}},{"address":"aws_kms_key.ssm","mode":"managed","type":"aws_kms_key","name":"ssm","provider_name":"registry.terraform.io/hashicorp/aws","change":{"actions":["create"],"before":null,"after":{"bypass_policy_lockout_safety_check":false,"custom_key_store_id":null,"customer_master_key_spec":"SYMMETRIC_DEFAULT","deletion_window_in_days":7,"description":"KMS key for SSM Parameter Store SecureString (cann)","enable_key_rotation":true,"is_enabled":true,"key_usage":"ENCRYPT_DECRYPT","tags":null,"tags_all":{"App":"cann","CreatedBy":"terraform","Environment":"production"},"timeouts":null,"xks_key_id":null},"after_unknown":{"arn":true,"id":true,"key_id":true,"multi_region":true,"policy":true,"rotation_period_in_days":true,"tags_all":{}},"before_sensitive":false,"after_sensitive":{"tags_all":{}}}},{"address":"aws_lambda_event_source_mapping.ddb_stream_to_send_notification","mode":"managed","type":"aws_lambda_event_source_mapping","name":"ddb_stream_to_send_notification","provider_name":"registry.terraform.io/hashicorp/aws","change":{"actions":["create"],"before":null,"after":{"batch_size":null,"bisect_batch_on_function_error":null,"destination_config":[],"document_db_event_source_config":[],"enabled":true,"filter_criteria":[{"filter":[{"pattern":"{\"eventName\":[\"INSERT\"]}"}]}],"function_response_types":null,"kms_key_arn":null,"maximum_batching_window_in_seconds":null,"metrics_config":[],"provisioned_poller_config":[],"queues":null,"scaling_config":[],"self_managed_event_source":[],"source_access_configuration":[],"starting_position":"LATEST","starting_position_timestamp":null,"tags":null,"tags_all":{"App":"cann","CreatedBy":"terraform","Environment":"production"},"topics":null,"tumbling_window_in_seconds":null},"after_unknown":{"amazon_managed_kafka_event_source_config":true,"arn":true,"destination_config":[],"document_db_event_source_config":[],"event_source_arn":true,"filter_criteria":[{"filter":[{}]}],"function_arn":true,"function_name":true,"id":true,"last_modified":true,"last_processing_result":true,"maximum_record_age_in_seconds":true,"maximum_retry_attempts":true,"metrics_config":[],"parallelization_factor":true,"provisioned_poller_config":[],"scaling_config":[],"self_managed_event_source":[],"self_managed_kafka_event_source_config":true,"source_access_configuration":[],"state":true,"state_transition_reason":true,"tags_all":{},"uuid":true},"before_sensitive":false,"after_sensitive":{"amazon_managed_kafka_event_source_config":[],"destination_config":[],"document_db_event_source_config":[],"filter_criteria":[{"filter":[{}]}],"metrics_config":[],"provisioned_poller_config":[],"scaling_config":[],"self_managed_event_source":[],"self_managed_kafka_event_source_config":[],"source_access_configuration":[],"tags_all":{}}}},{"address":"aws_lambda_function.check","mode":"managed","type":"aws_lambda_function","name":"check","provider_name":"registry.terraform.io/hashicorp/aws","change":{"actions":["create"],"before":null,"after":{"code_signing_config_arn":null,"dead_letter_config":[],"description":"Check if there is a new announcement and store state in DynamoDB","environment":[{"variables":{"BASE_URL":"http://www.gobcan.es/educacion/Nombramientos/Documentos","DATE_FORMAT":"02-01-06","DYNAMODB_TABLE":"cann-announcements"}}],"file_system_config":[],"filename":"./.dummy/lambda.zip","function_name":"check_announcement","handler":"main","image_config":[],"image_uri":null,"kms_key_arn":null,"layers":null,"memory_size":128,"package_type":"Zip","publish":false,"replace_security_groups_on_destroy":null,"replacement_security_group_ids":null,"reserved_concurrent_executions":-1,"runtime":"go1.x","s3_bucket":null,"s3_key":null,"s3_object_version":null,"skip_destroy":false,"snap_start":[],"source_code_hash":"wmbalFzzY/wG3ivChKElOZB3+B4gptmQyIat05p+fU4=","tags":null,"tags_all":{"App":"cann","CreatedBy":"terraform","Environment":"production"},"timeout":10,"timeouts":null,"vpc_config":[]},"after_unknown":{"architectures":true,"arn":true,"code_sha256":true,"dead_letter_config":[],"environment":[{"variables":{}}],"ephemeral_storage":true,"file_system_config":[],"id":true,"image_config":[],"invoke_arn":true,"last_modified":true,"logging_config":true,"qualified_arn":true,"qualified_invoke_arn":true,"role":true,"signing_job_arn":true,"signing_profile_version_arn":true,"snap_start":[],"source_code_size":true,"tags_all":{},"tracing_config":true,"version":true,"vpc_config":[]},"before_sensitive":false,"after_sensitive":{"architectures":[],"dead_letter_config":[],"environment":[{"variables":{}}],"ephemeral_storage":[],"file_system_config":[],"image_config":[],"logging_config":[],"snap_start":[],"tags_all":{},"tracing_config":[],"vpc_config":[]}}},{"address":"aws_lambda_function.send_notification","mode":"managed","type":"aws_lambda_function","name":"send_notification","provider_name":"registry.terraform.io/hashicorp/aws","change":{"actions":["create"],"before":null,"after":{"code_signing_config_arn":null,"dead_letter_config":[],"description":"Publish DynamoDB stream inserts to SNS","environment":[{}],"file_system_config":[],"filename":"./.dummy/lambda.zip","function_name":"send_notification","handler":"main","image_config":[],"image_uri":null,"kms_key_arn":null,"layers":null,"memory_size":128,"package_type":"Zip","publish":false,"replace_security_groups_on_destroy":null,"replacement_security_group_ids":null,"reserved_concurrent_executions":-1,"runtime":"go1.x","s3_bucket":null,"s3_key":null,"s3_object_version":null,"skip_destroy":false,"snap_start":[],"source_code_hash":"wmbalFzzY/wG3ivChKElOZB3+B4gptmQyIat05p+fU4=","tags":null,"tags_all":{"App":"cann","CreatedBy":"terraform","Environment":"production"},"timeout":10,"timeouts":null,"vpc_config":[]},"after_unknown":{"architectures":true,"arn":true,"code_sha256":true,"dead_letter_config":[],"environment":[{"variables":true}],"ephemeral_storage":true,"file_system_config":[],"id":true,"image_config":[],"invoke_arn":true,"last_modified":true,"logging_config":true,"qualified_arn":true,"qualified_invoke_arn":true,"role":true,"signing_job_arn":true,"signing_profile_version_arn":true,"snap_start":[],"source_code_size":true,"tags_all":{},"tracing_config":true,"version":true,"vpc_config":[]},"before_sensitive":false,"after_sensitive":{"architectures":[],"dead_letter_config":[],"environment":[{"variables":{}}],"ephemeral_storage":[],"file_system_config":[],"image_config":[],"logging_config":[],"snap_start":[],"tags_all":{},"tracing_config":[],"vpc_config":[]}}},{"address":"aws_lambda_function.send_telegram","mode":"managed","type":"aws_lambda_function","name":"send_telegram","provider_name":"registry.terraform.io/hashicorp/aws","change":{"actions":["create"],"before":null,"after":{"code_signing_config_arn":null,"dead_letter_config":[],"description":"Send SNS notifications to Telegram","environment":[{"variables":{"SSM_TELEGRAM_AUTH_TOKEN":"/announcements/telegram/auth_token","SSM_TELEGRAM_CHANNEL_NAME":"/announcements/telegram/{{.AnnouncementID}}/channel_name","SSM_TELEGRAM_CHAT_ID":"/announcements/telegram/{{.AnnouncementID}}/chat_id"}}],"file_system_config":[],"filename":"./.dummy/lambda.zip","function_name":"send_telegram_notification","handler":"main","image_config":[],"image_uri":null,"kms_key_arn":null,"layers":null,"memory_size":256,"package_type":"Zip","publish":false,"replace_security_groups_on_destroy":null,"replacement_security_group_ids":null,"reserved_concurrent_executions":2,"runtime":"go1.x","s3_bucket":null,"s3_key":null,"s3_object_version":null,"skip_destroy":false,"snap_start":[],"source_code_hash":"wmbalFzzY/wG3ivChKElOZB3+B4gptmQyIat05p+fU4=","tags":null,"tags_all":{"App":"cann","CreatedBy":"terraform","Environment":"production"},"timeout":30,"timeouts":null,"vpc_config":[]},"after_unknown":{"architectures":true,"arn":true,"code_sha256":true,"dead_letter_config":[],"environment":[{"variables":{}}],"ephemeral_storage":true,"file_system_config":[],"id":true,"image_config":[],"invoke_arn":true,"last_modified":true,"logging_config":true,"qualified_arn":true,"qualified_invoke_arn":true,"role":true,"signing_job_arn":true,"signing_profile_version_arn":true,"snap_start":[],"source_code_size":true,"tags_all":{},"tracing_config":true,"version":true,"vpc_config":[]},"before_sensitive":false,"after_sensitive":{"architectures":[],"dead_letter_config":[],"environment":[{"variables":{}}],"ephemeral_storage":[],"file_system_config":[],"image_config":[],"logging_config":[],"snap_start":[],"tags_all":{},"tracing_config":[],"vpc_config":[]}}},{"address":"aws_lambda_permission.allow_eventbridge","mode":"managed","type":"aws_lambda_permission","name":"allow_eventbridge","provider_name":"registry.terraform.io/hashicorp/aws","change":{"actions":["create"],"before":null,"after":{"action":"lambda:InvokeFunction","event_source_token":null,"function_name":"check_announcement","function_url_auth_type":null,"principal":"events.amazonaws.com","principal_org_id":null,"qualifier":null,"source_account":null,"statement_id":"AllowExecutionFromEventBridge"},"after_unknown":{"id":true,"source_arn":true,"statement_id_prefix":true},"before_sensitive":false,"after_sensitive":{}}},{"address":"aws_lambda_permission.allow_sns","mode":"managed","type":"aws_lambda_permission","name":"allow_sns","provider_name":"registry.terraform.io/hashicorp/aws","change":{"actions":["create"],"before":null,"after":{"action":"lambda:InvokeFunction","event_source_token":null,"function_name":"send_telegram_notification","function_url_auth_type":null,"principal":"sns.amazonaws.com","principal_org_id":null,"qualifier":null,"source_account":null,"statement_id":"AllowExecutionFromSNS"},"after_unknown":{"id":true,"source_arn":true,"statement_id_prefix":true},"before_sensitive":false,"after_sensitive":{}}},{"address":"aws_sns_topic.notifications","mode":"managed","type":"aws_sns_topic","name":"notifications","provider_name":"registry.terraform.io/hashicorp/aws","change":{"actions":["create"],"before":null,"after":{"application_failure_feedback_role_arn":null,"application_success_feedback_role_arn":null,"application_success_feedback_sample_rate":null,"archive_policy":null,"content_based_deduplication":false,"delivery_policy":null,"display_name":null,"fifo_topic":false,"firehose_failure_feedback_role_arn":null,"firehose_success_feedback_role_arn":null,"firehose_success_feedback_sample_rate":null,"http_failure_feedback_role_arn":null,"http_success_feedback_role_arn":null,"http_success_feedback_sample_rate":null,"kms_master_key_id":null,"lambda_failure_feedback_role_arn":null,"lambda_success_feedback_role_arn":null,"lambda_success_feedback_sample_rate":null,"name":"cann-notifications","sqs_failure_feedback_role_arn":null,"sqs_success_feedback_role_arn":null,"sqs_success_feedback_sample_rate":null,"tags":null,"tags_all":{"App":"cann","CreatedBy":"terraform","Environment":"production"}},"after_unknown":{"arn":true,"beginning_archive_time":true,"fifo_throughput_scope":true,"id":true,"name_prefix":true,"owner":true,"policy":true,"signature_version":true,"tags_all":{},"tracing_config":true},"before_sensitive":false,"after_sensitive":{"tags_all":{}}}},{"address":"aws_sns_topic_subscription.telegram","mode":"managed","type":"aws_sns_topic_subscription","name":"telegram","provider_name":"registry.terraform.io/hashicorp/aws","change":{"actions":["create"],"before":null,"after":{"confirmation_timeout_in_minutes":1,"delivery_policy":null,"endpoint_auto_confirms":false,"filter_policy":null,"protocol":"lambda","raw_message_delivery":false,"redrive_policy":null,"replay_policy":null,"subscription_role_arn":null},"after_unknown":{"arn":true,"confirmation_was_authenticated":true,"endpoint":true,"filter_policy_scope":true,"id":true,"owner_id":true,"pending_confirmation":true,"topic_arn":true},"before_sensitive":false,"after_sensitive":{}}},{"address":"aws_ssm_parameter.telegram_auth_token","mode":"managed","type":"aws_ssm_parameter","name":"telegram_auth_token","provider_name":"registry.terraform.io/hashicorp/aws","change":{"actions":["create"],"before":null,"after":{"allowed_pattern":null,"description":null,"name":"/announcements/telegram/auth_token","overwrite":null,"tags":null,"tags_all":{"App":"cann","CreatedBy":"terraform","Environment":"production"},"type":"SecureString","value":"ai-tf","value_wo":null,"value_wo_version":null},"after_unknown":{"arn":true,"data_type":true,"has_value_wo":true,"id":true,"insecure_value":true,"key_id":true,"tags_all":{},"tier":true,"version":true},"before_sensitive":false,"after_sensitive":{"tags_all":{},"value":true,"value_wo":true}}}],"output_changes":{"dynamodb_table_name":{"actions":["create"],"before":null,"after":"cann-announcements","after_unknown":false,"before_sensitive":false,"after_sensitive":false},"lambda_check_arn":{"actions":["create"],"before":null,"after_unknown":true,"before_sensitive":false,"after_sensitive":false},"lambda_send_notification_arn":{"actions":["create"],"before":null,"after_unknown":true,"before_sensitive":false,"after_sensitive":false},"lambda_send_telegram_arn":{"actions":["create"],"before":null,"after_unknown":true,"before_sensitive":false,"after_sensitive":false},"sns_topic_arn":{"actions":["create"],"before":null,"after_unknown":true,"before_sensitive":false,"after_sensitive":false},"ssm_telegram_auth_token_name":{"actions":["create"],"before":null,"after":"/announcements/telegram/auth_token","after_unknown":false,"before_sensitive":false,"after_sensitive":false}},"prior_state":{"format_version":"1.0","terraform_version":"1.13.5","values":{"outputs":{"dynamodb_table_name":{"sensitive":false,"value":"cann-announcements","type":"string"},"ssm_telegram_auth_token_name":{"sensitive":false,"value":"/announcements/telegram/auth_token","type":"string"}},"root_module":{"resources":[{"address":"data.archive_file.lambda_dummy","mode":"data","type":"archive_file","name":"lambda_dummy","provider_name":"registry.terraform.io/hashicorp/archive","schema_version":0,"values":{"exclude_symlink_directories":null,"excludes":null,"id":"58e93fade67637870be5af38eff8d5aa66c7da49","output_base64sha256":"wmbalFzzY/wG3ivChKElOZB3+B4gptmQyIat05p+fU4=","output_base64sha512":"BQYAg1LwEY4tDmry1VoRx6StX0vjH+7LpfB5KAZLVvfJQjioPbBv1QxI6QF6P2U614fU3h9XKBCb9z5Y1ornqA==","output_file_mode":null,"output_md5":"a0dbd832a6a977d6d5b28ea5c85e30fb","output_path":"./.dummy/lambda.zip","output_sha":"58e93fade67637870be5af38eff8d5aa66c7da49","output_sha256":"c266da945cf363fc06de2bc284a125399077f81e20a6d990c886add39a7e7d4e","output_sha512":"0506008352f0118e2d0e6af2d55a11c7a4ad5f4be31feecba5f07928064b56f7c94238a83db06fd50c48e9017a3f653ad787d4de1f5728109bf73e58d68ae7a8","output_size":246,"source":[{"content":"exports.handler = async (event) =\u003e {\n  console.log(\"Dummy lambda invoked\");\n  return { statusCode: 200, body: \"dummy\" };\n};\n","filename":"index.js"}],"source_content":null,"source_content_filename":null,"source_dir":null,"source_file":null,"type":"zip"},"sensitive_values":{"source":[{}]}},{"address":"data.aws_caller_identity.current","mode":"data","type":"aws_caller_identity","name":"current","provider_name":"registry.terraform.io/hashicorp/aws","schema_version":0,"values":{"account_id":"000000000000","arn":"arn:aws:iam::000000000000:root","id":"000000000000","user_id":"AKIAIOSFODNN7EXAMPLE"},"sensitive_values":{}},{"address":"data.aws_iam_policy_document.lambda_assume","mode":"data","type":"aws_iam_policy_document","name":"lambda_assume","provider_name":"registry.terraform.io/hashicorp/aws","schema_version":0,"values":{"id":"2690255455","json":"{\n  \"Version\": \"2012-10-17\",\n  \"Statement\": [\n    {\n      \"Effect\": \"Allow\",\n      \"Action\": \"sts:AssumeRole\",\n      \"Principal\": {\n        \"Service\": \"lambda.amazonaws.com\"\n      }\n    }\n  ]\n}","minified_json":"{\"Version\":\"2012-10-17\",\"Statement\":[{\"Effect\":\"Allow\",\"Action\":\"sts:AssumeRole\",\"Principal\":{\"Service\":\"lambda.amazonaws.com\"}}]}","override_json":null,"override_policy_documents":null,"policy_id":null,"source_json":null,"source_policy_documents":null,"statement":[{"actions":["sts:AssumeRole"],"condition":[],"effect":"Allow","not_actions":[],"not_principals":[],"not_resources":[],"principals":[{"identifiers":["lambda.amazonaws.com"],"type":"Service"}],"resources":[],"sid":""}],"version":"2012-10-17"},"sensitive_values":{"statement":[{"actions":[false],"condition":[],"not_actions":[],"not_principals":[],"not_resources":[],"principals":[{"identifiers":[false]}],"resources":[]}]}},{"address":"data.aws_region.current","mode":"data","type":"aws_region","name":"current","provider_name":"registry.terraform.io/hashicorp/aws","schema_version":0,"values":{"description":"Europe (Ireland)","endpoint":"ec2.eu-west-1.amazonaws.com","id":"eu-west-1","name":"eu-west-1"},"sensitive_values":{}}]}}},"configuration":{"provider_config":{"archive":{"name":"archive","full_name":"registry.terraform.io/hashicorp/archive"},"aws":{"name":"aws","full_name":"registry.terraform.io/hashicorp/aws","version_constraint":"~\u003e 5.0","expressions":{"default_tags":[{"tags":{"references":["var.tags"]}}],"region":{"references":["var.region"]}}}},"root_module":{"outputs":{"dynamodb_table_name":{"expression":{"references":["aws_dynamodb_table.announcements.name","aws_dynamodb_table.announcements"]}},"lambda_check_arn":{"expression":{"references":["aws_lambda_function.check.arn","aws_lambda_function.check"]}},"lambda_send_notification_arn":{"expression":{"references":["aws_lambda_function.send_notification.arn","aws_lambda_function.send_notification"]}},"lambda_send_telegram_arn":{"expression":{"references":["aws_lambda_function.send_telegram.arn","aws_lambda_function.send_telegram"]}},"sns_topic_arn":{"expression":{"references":["aws_sns_topic.notifications.arn","aws_sns_topic.notifications"]}},"ssm_telegram_auth_token_name":{"expression":{"references":["aws_ssm_parameter.telegram_auth_token.name","aws_ssm_parameter.telegram_auth_token"]}}},"resources":[{"address":"aws_cloudwatch_event_rule.check_schedule","mode":"managed","type":"aws_cloudwatch_event_rule","name":"check_schedule","provider_config_key":"aws","expressions":{"description":{"constant_value":"Scheduled trigger for check_announcement"},"name":{"references":["local.name_prefix"]},"schedule_expression":{"references":["var.schedule_expression"]}},"schema_version":1},{"address":"aws_cloudwatch_event_target.check_schedule","mode":"managed","type":"aws_cloudwatch_event_target","name":"check_schedule","provider_config_key":"aws","expressions":{"arn":{"references":["aws_lambda_function.check.arn","aws_lambda_function.check"]},"input":{},"rule":{"references":["aws_cloudwatch_event_rule.check_schedule.name","aws_cloudwatch_event_rule.check_schedule"]},"target_id":{"constant_value":"check_announcement"}},"schema_version":1},{"address":"aws_cloudwatch_log_group.check","mode":"managed","type":"aws_cloudwatch_log_group","name":"check","provider_config_key":"aws","expressions":{"name":{"references":["local.lambda_check_name"]},"retention_in_days":{"references":["var.log_retention_in_days"]}},"schema_version":0},{"address":"aws_cloudwatch_log_group.send_notification","mode":"managed","type":"aws_cloudwatch_log_group","name":"send_notification","provider_config_key":"aws","expressions":{"name":{"references":["local.lambda_sns_name"]},"retention_in_days":{"references":["var.log_retention_in_days"]}},"schema_version":0},{"address":"aws_cloudwatch_log_group.send_telegram","mode":"managed","type":"aws_cloudwatch_log_group","name":"send_telegram","provider_config_key":"aws","expressions":{"name":{"references":["local.lambda_tg_name"]},"retention_in_days":{"references":["var.log_retention_in_days"]}},"schema_version":0},{"address":"aws_dynamodb_table.announcements","mode":"managed","type":"aws_dynamodb_table","name":"announcements","provider_config_key":"aws","expressions":{"attribute":[{"name":{"constant_value":"URL"},"type":{"constant_value":"S"}}],"billing_mode":{"constant_value":"PAY_PER_REQUEST"},"hash_key":{"constant_value":"URL"},"name":{"references":["local.dynamodb_table_name"]},"point_in_time_recovery":[{"enabled":{"constant_value":true}}],"stream_enabled":{"constant_value":true},"stream_view_type":{"constant_value":"NEW_IMAGE"},"ttl":[{"attribute_name":{"constant_value":"TTL"},"enabled":{"constant_value":true}}]},"schema_version":1},{"address":"aws_iam_policy.check","mode":"managed","type":"aws_iam_policy","name":"check","provider_config_key":"aws","expressions":{"name":{"references":["local.lambda_check_name"]},"policy":{"references":["data.aws_iam_policy_document.check.json","data.aws_iam_policy_document.check"]}},"schema_version":0},{"address":"aws_iam_policy.send_notification","mode":"managed","type":"aws_iam_policy","name":"send_notification","provider_config_key":"aws","expressions":{"name":{"references":["local.lambda_sns_name"]},"policy":{"references":["data.aws_iam_policy_document.send_notification.json","data.aws_iam_policy_document.send_notification"]}},"schema_version":0},{"address":"aws_iam_policy.send_telegram","mode":"managed","type":"aws_iam_policy","name":"send_telegram","provider_config_key":"aws","expressions":{"name":{"references":["local.lambda_tg_name"]},"policy":{"references":["data.aws_iam_policy_document.send_telegram.json","data.aws_iam_policy_document.send_telegram"]}},"schema_version":0},{"address":"aws_iam_role.check","mode":"managed","type":"aws_iam_role","name":"check","provider_config_key":"aws","expressions":{"assume_role_policy":{"references":["data.aws_iam_policy_document.lambda_assume.json","data.aws_iam_policy_document.lambda_assume"]},"name":{"references":["local.lambda_check_name"]}},"schema_version":0},{"address":"aws_iam_role.send_notification","mode":"managed","type":"aws_iam_role","name":"send_notification","provider_config_key":"aws","expressions":{"assume_role_policy":{"references":["data.aws_iam_policy_document.lambda_assume.json","data.aws_iam_policy_document.lambda_assume"]},"name":{"references":["local.lambda_sns_name"]}},"schema_version":0},{"address":"aws_iam_role.send_telegram","mode":"managed","type":"aws_iam_role","name":"send_telegram","provider_config_key":"aws","expressions":{"assume_role_policy":{"references":["data.aws_iam_policy_document.lambda_assume.json","data.aws_iam_policy_document.lambda_assume"]},"name":{"references":["local.lambda_tg_name"]}},"schema_version":0},{"address":"aws_iam_role_policy_attachment.check","mode":"managed","type":"aws_iam_role_policy_attachment","name":"check","provider_config_key":"aws","expressions":{"policy_arn":{"references":["aws_iam_policy.check.arn","aws_iam_policy.check"]},"role":{"references":["aws_iam_role.check.name","aws_iam_role.check"]}},"schema_version":0},{"address":"aws_iam_role_policy_attachment.send_notification","mode":"managed","type":"aws_iam_role_policy_attachment","name":"send_notification","provider_config_key":"aws","expressions":{"policy_arn":{"references":["aws_iam_policy.send_notification.arn","aws_iam_policy.send_notification"]},"role":{"references":["aws_iam_role.send_notification.name","aws_iam_role.send_notification"]}},"schema_version":0},{"address":"aws_iam_role_policy_attachment.send_telegram","mode":"managed","type":"aws_iam_role_policy_attachment","name":"send_telegram","provider_config_key":"aws","expressions":{"policy_arn":{"references":["aws_iam_policy.send_telegram.arn","aws_iam_policy.send_telegram"]},"role":{"references":["aws_iam_role.send_telegram.name","aws_iam_role.send_telegram"]}},"schema_version":0},{"address":"aws_kms_alias.ssm","mode":"managed","type":"aws_kms_alias","name":"ssm","provider_config_key":"aws","expressions":{"name":{"references":["local.name_prefix"]},"target_key_id":{"references":["aws_kms_key.ssm.key_id","aws_kms_key.ssm"]}},"schema_version":0},{"address":"aws_kms_key.ssm","mode":"managed","type":"aws_kms_key","name":"ssm","provider_config_key":"aws","expressions":{"deletion_window_in_days":{"constant_value":7},"description":{"constant_value":"KMS key for SSM Parameter Store SecureString (cann)"},"enable_key_rotation":{"constant_value":true}},"schema_version":0},{"address":"aws_lambda_event_source_mapping.ddb_stream_to_send_notification","mode":"managed","type":"aws_lambda_event_source_mapping","name":"ddb_stream_to_send_notification","provider_config_key":"aws","expressions":{"event_source_arn":{"references":["aws_dynamodb_table.announcements.stream_arn","aws_dynamodb_table.announcements"]},"filter_criteria":[{"filter":[{"pattern":{}}]}],"function_name":{"references":["aws_lambda_function.send_notification.arn","aws_lambda_function.send_notification"]},"starting_position":{"constant_value":"LATEST"}},"schema_version":0},{"address":"aws_lambda_function.check","mode":"managed","type":"aws_lambda_function","name":"check","provider_config_key":"aws","expressions":{"description":{"constant_value":"Check if there is a new announcement and store state in DynamoDB"},"environment":[{"variables":{"references":["aws_dynamodb_table.announcements.name","aws_dynamodb_table.announcements","var.base_url","var.date_format"]}}],"filename":{"references":["local.lambda_dummy_zip"]},"function_name":{"references":["local.lambda_check_name"]},"handler":{"constant_value":"main"},"memory_size":{"constant_value":128},"role":{"references":["aws_iam_role.check.arn","aws_iam_role.check"]},"runtime":{"constant_value":"go1.x"},"source_code_hash":{"references":["data.archive_file.lambda_dummy.output_base64sha256","data.archive_file.lambda_dummy"]},"timeout":{"constant_value":10}},"schema_version":0,"depends_on":["aws_cloudwatch_log_group.check"]},{"address":"aws_lambda_function.send_notification","mode":"managed","type":"aws_lambda_function","name":"send_notification","provider_config_key":"aws","expressions":{"description":{"constant_value":"Publish DynamoDB stream inserts to SNS"},"environment":[{"variables":{"references":["aws_sns_topic.notifications.arn","aws_sns_topic.notifications"]}}],"filename":{"references":["local.lambda_dummy_zip"]},"function_name":{"references":["local.lambda_sns_name"]},"handler":{"constant_value":"main"},"memory_size":{"constant_value":128},"role":{"references":["aws_iam_role.send_notification.arn","aws_iam_role.send_notification"]},"runtime":{"constant_value":"go1.x"},"source_code_hash":{"references":["data.archive_file.lambda_dummy.output_base64sha256","data.archive_file.lambda_dummy"]},"timeout":{"constant_value":10}},"schema_version":0,"depends_on":["aws_cloudwatch_log_group.send_notification"]},{"address":"aws_lambda_function.send_telegram","mode":"managed","type":"aws_lambda_function","name":"send_telegram","provider_config_key":"aws","expressions":{"description":{"constant_value":"Send SNS notifications to Telegram"},"environment":[{"variables":{"references":["aws_ssm_parameter.telegram_auth_token.name","aws_ssm_parameter.telegram_auth_token","local.ssm_telegram_chat_id_tpl","local.ssm_telegram_channel_tpl"]}}],"filename":{"references":["local.lambda_dummy_zip"]},"function_name":{"references":["local.lambda_tg_name"]},"handler":{"constant_value":"main"},"memory_size":{"constant_value":256},"reserved_concurrent_executions":{"references":["var.telegram_lambda_reserved_concurrency"]},"role":{"references":["aws_iam_role.send_telegram.arn","aws_iam_role.send_telegram"]},"runtime":{"constant_value":"go1.x"},"source_code_hash":{"references":["data.archive_file.lambda_dummy.output_base64sha256","data.archive_file.lambda_dummy"]},"timeout":{"constant_value":30}},"schema_version":0,"depends_on":["aws_cloudwatch_log_group.send_telegram"]},{"address":"aws_lambda_permission.allow_eventbridge","mode":"managed","type":"aws_lambda_permission","name":"allow_eventbridge","provider_config_key":"aws","expressions":{"action":{"constant_value":"lambda:InvokeFunction"},"function_name":{"references":["aws_lambda_function.check.function_name","aws_lambda_function.check"]},"principal":{"constant_value":"events.amazonaws.com"},"source_arn":{"references":["aws_cloudwatch_event_rule.check_schedule.arn","aws_cloudwatch_event_rule.check_schedule"]},"statement_id":{"constant_value":"AllowExecutionFromEventBridge"}},"schema_version":0},{"address":"aws_lambda_permission.allow_sns","mode":"managed","type":"aws_lambda_permission","name":"allow_sns","provider_config_key":"aws","expressions":{"action":{"constant_value":"lambda:InvokeFunction"},"function_name":{"references":["aws_lambda_function.send_telegram.function_name","aws_lambda_function.send_telegram"]},"principal":{"constant_value":"sns.amazonaws.com"},"source_arn":{"references":["aws_sns_topic.notifications.arn","aws_sns_topic.notifications"]},"statement_id":{"constant_value":"AllowExecutionFromSNS"}},"schema_version":0},{"address":"aws_sns_topic.notifications","mode":"managed","type":"aws_sns_topic","name":"notifications","provider_config_key":"aws","expressions":{"name":{"references":["local.sns_topic_name"]}},"schema_version":0},{"address":"aws_sns_topic_subscription.telegram","mode":"managed","type":"aws_sns_topic_subscription","name":"telegram","provider_config_key":"aws","expressions":{"endpoint":{"references":["aws_lambda_function.send_telegram.arn","aws_lambda_function.send_telegram"]},"protocol":{"constant_value":"lambda"},"topic_arn":{"references":["aws_sns_topic.notifications.arn","aws_sns_topic.notifications"]}},"schema_version":0},{"address":"aws_ssm_parameter.telegram_auth_token","mode":"managed","type":"aws_ssm_parameter","name":"telegram_auth_token","provider_config_key":"aws","expressions":{"key_id":{"references":["aws_kms_key.ssm.arn","aws_kms_key.ssm"]},"name":{"references":["local.ssm_telegram_auth_token_name"]},"type":{"constant_value":"SecureString"},"value":{"references":["var.telegram_auth_token"]}},"schema_version":0},{"address":"aws_ssm_parameter.telegram_channel_name","mode":"managed","type":"aws_ssm_parameter","name":"telegram_channel_name","provider_config_key":"aws","expressions":{"name":{"references":["local.ssm_base_path","each.key"]},"type":{"constant_value":"String"},"value":{"references":["each.value.telegram_channel_name","each.value"]}},"schema_version":0,"for_each_expression":{"references":["var.announcements"]}},{"address":"aws_ssm_parameter.telegram_chat_id","mode":"managed","type":"aws_ssm_parameter","name":"telegram_chat_id","provider_config_key":"aws","expressions":{"name":{"references":["local.ssm_base_path","each.key"]},"type":{"constant_value":"String"},"value":{"references":["each.value.telegram_chat_id","each.value"]}},"schema_version":0,"for_each_expression":{"references":["var.announcements"]}},{"address":"data.archive_file.lambda_dummy","mode":"data","type":"archive_file","name":"lambda_dummy","provider_config_key":"archive","expressions":{"output_path":{"references":["local.lambda_dummy_zip"]},"source":[{"content":{"constant_value":"exports.handler = async (event) =\u003e {\n  console.log(\"Dummy lambda invoked\");\n  return { statusCode: 200, body: \"dummy\" };\n};\n"},"filename":{"constant_value":"index.js"}}],"type":{"constant_value":"zip"}},"schema_version":0},{"address":"data.aws_caller_identity.current","mode":"data","type":"aws_caller_identity","name":"current","provider_config_key":"aws","schema_version":0},{"address":"data.aws_iam_policy_document.check","mode":"data","type":"aws_iam_policy_document","name":"check","provider_config_key":"aws","expressions":{"statement":[{"actions":{"constant_value":["dynamodb:GetItem","dynamodb:PutItem"]},"effect":{"constant_value":"Allow"},"resources":{"references":["aws_dynamodb_table.announcements.arn","aws_dynamodb_table.announcements"]},"sid":{"constant_value":"DynamoDBReadWrite"}},{"actions":{"constant_value":["logs:CreateLogStream","logs:PutLogEvents"]},"effect":{"constant_value":"Allow"},"resources":{"references":["aws_cloudwatch_log_group.check.arn","aws_cloudwatch_log_group.check"]},"sid":{"constant_value":"Logs"}}]},"schema_version":0},{"address":"data.aws_iam_policy_document.lambda_assume","mode":"data","type":"aws_iam_policy_document","name":"lambda_assume","provider_config_key":"aws","expressions":{"statement":[{"actions":{"constant_value":["sts:AssumeRole"]},"effect":{"constant_value":"Allow"},"principals":[{"identifiers":{"constant_value":["lambda.amazonaws.com"]},"type":{"constant_value":"Service"}}]}]},"schema_version":0},{"address":"data.aws_iam_policy_document.send_notification","mode":"data","type":"aws_iam_policy_document","name":"send_notification","provider_config_key":"aws","expressions":{"statement":[{"actions":{"constant_value":["dynamodb:DescribeStream","dynamodb:GetRecords","dynamodb:GetShardIterator","dynamodb:ListStreams"]},"effect":{"constant_value":"Allow"},"resources":{"references":["aws_dynamodb_table.announcements.stream_arn","aws_dynamodb_table.announcements"]},"sid":{"constant_value":"ReadDynamoDBStream"}},{"actions":{"constant_value":["sns:Publish"]},"effect":{"constant_value":"Allow"},"resources":{"references":["aws_sns_topic.notifications.arn","aws_sns_topic.notifications"]},"sid":{"constant_value":"PublishSNS"}},{"actions":{"constant_value":["logs:CreateLogStream","logs:PutLogEvents"]},"effect":{"constant_value":"Allow"},"resources":{"references":["aws_cloudwatch_log_group.send_notification.arn","aws_cloudwatch_log_group.send_notification"]},"sid":{"constant_value":"Logs"}}]},"schema_version":0},{"address":"data.aws_iam_policy_document.send_telegram","mode":"data","type":"aws_iam_policy_document","name":"send_telegram","provider_config_key":"aws","expressions":{"statement":[{"actions":{"constant_value":["ssm:GetParameter","ssm:GetParametersByPath"]},"effect":{"constant_value":"Allow"},"resources":{"references":["aws_ssm_parameter.telegram_auth_token.arn","aws_ssm_parameter.telegram_auth_token","data.aws_region.current.name","data.aws_region.current","data.aws_caller_identity.current.account_id","data.aws_caller_identity.current","local.ssm_base_path"]},"sid":{"constant_value":"SSMRead"}},{"actions":{"constant_value":["kms:Decrypt"]},"effect":{"constant_value":"Allow"},"resources":{"references":["aws_kms_key.ssm.arn","aws_kms_key.ssm"]},"sid":{"constant_value":"KMSDecryptForSSM"}},{"actions":{"constant_value":["logs:CreateLogStream","logs:PutLogEvents"]},"effect":{"constant_value":"Allow"},"resources":{"references":["aws_cloudwatch_log_group.send_telegram.arn","aws_cloudwatch_log_group.send_telegram"]},"sid":{"constant_value":"Logs"}}]},"schema_version":0},{"address":"data.aws_region.current","mode":"data","type":"aws_region","name":"current","provider_config_key":"aws","schema_version":0}],"variables":{"announcements":{"description":"Target announcements checks"},"base_url":{"default":"http://www.gobcan.es/educacion/Nombramientos/Documentos","description":"The base url where announcements are published"},"date_format":{"default":"02-01-06","description":"Date format used in announcements filenames"},"lambda_artifacts_dir":{"default":"../dist","description":"Directory containing pre-built lambda zip artifacts (check_announcement.zip, send_notification.zip, send_telegram_notification.zip)"},"log_retention_in_days":{"default":14,"description":"CloudWatch log retention in days"},"prefix":{"default":"","description":"Optional prefix to namespace resource names"},"region":{"default":"eu-west-1","description":"AWS region"},"schedule_expression":{"description":"Scheduling expression to check a new announcement"},"tags":{"default":{"App":"cann","CreatedBy":"terraform","Environment":"production"},"description":"Tags applied to all resources"},"telegram_auth_token":{"description":"Telegram Auth Token to publish new announcements","sensitive":true},"telegram_lambda_reserved_concurrency":{"default":2,"description":"Reserved concurrency for send_telegram_notification to avoid Telegram rate limits"}}}},"relevant_attributes":[{"resource":"data.aws_iam_policy_document.check","attribute":["json"]},{"resource":"aws_kms_key.ssm","attribute":["key_id"]},{"resource":"data.aws_region.current","attribute":["name"]},{"resource":"aws_lambda_function.check","attribute":["function_name"]},{"resource":"data.aws_iam_policy_document.send_notification","attribute":["json"]},{"resource":"aws_iam_policy.send_telegram","attribute":["arn"]},{"resource":"aws_lambda_function.send_notification","attribute":["arn"]},{"resource":"aws_lambda_function.send_telegram","attribute":["arn"]},{"resource":"aws_cloudwatch_event_rule.check_schedule","attribute":["arn"]},{"resource":"aws_iam_policy.send_notification","attribute":["arn"]},{"resource":"aws_iam_role.check","attribute":["name"]},{"resource":"aws_cloudwatch_event_rule.check_schedule","attribute":["name"]},{"resource":"aws_iam_role.send_telegram","attribute":["name"]},{"resource":"aws_dynamodb_table.announcements","attribute":["arn"]},{"resource":"aws_iam_policy.check","attribute":["arn"]},{"resource":"aws_dynamodb_table.announcements","attribute":["name"]},{"resource":"aws_sns_topic.notifications","attribute":["arn"]},{"resource":"data.aws_caller_identity.current","attribute":["account_id"]},{"resource":"aws_ssm_parameter.telegram_auth_token","attribute":["name"]},{"resource":"data.aws_iam_policy_document.send_telegram","attribute":["json"]},{"resource":"aws_iam_role.check","attribute":["arn"]},{"resource":"aws_iam_role.send_notification","attribute":["name"]},{"resource":"aws_cloudwatch_log_group.send_notification","attribute":["arn"]},{"resource":"aws_kms_key.ssm","attribute":["arn"]},{"resource":"aws_iam_role.send_telegram","attribute":["arn"]},{"resource":"aws_iam_role.send_notification","attribute":["arn"]},{"resource":"aws_ssm_parameter.telegram_auth_token","attribute":["arn"]},{"resource":"data.aws_iam_policy_document.lambda_assume","attribute":["json"]},{"resource":"aws_cloudwatch_log_group.send_telegram","attribute":["arn"]},{"resource":"aws_lambda_function.send_telegram","attribute":["function_name"]},{"resource":"data.archive_file.lambda_dummy","attribute":["output_base64sha256"]},{"resource":"aws_cloudwatch_log_group.check","attribute":["arn"]},{"resource":"aws_dynamodb_table.announcements","attribute":["stream_arn"]},{"resource":"aws_lambda_function.check","attribute":["arn"]}],"timestamp":"2026-01-26T20:41:33Z","applyable":true,"complete":true,"errored":false}
