data.archive_file.lambda_zip: Reading...
data.archive_file.lambda_dummy: Reading...
data.archive_file.lambda_dummy: Read complete after 0s [id=58e93fade67637870be5af38eff8d5aa66c7da49]
data.archive_file.lambda_zip: Read complete after 0s [id=ccac5d2486dd38a37cb8bf123de063a3feedc5e9]

Terraform used the selected providers to generate the following execution
plan. Resource actions are indicated with the following symbols:
  + create

Terraform will perform the following actions:

  # aws_iam_role.lambda_exec will be created
  + resource "aws_iam_role" "lambda_exec" {
      + arn                   = (known after apply)
      + assume_role_policy    = jsonencode(
            {
              + Statement = [
                  + {
                      + Action    = "sts:AssumeRole"
                      + Effect    = "Allow"
                      + Principal = {
                          + Service = "lambda.amazonaws.com"
                        }
                    },
                ]
              + Version   = "2012-10-17"
            }
        )
      + create_date           = (known after apply)
      + force_detach_policies = false
      + id                    = (known after apply)
      + managed_policy_arns   = (known after apply)
      + max_session_duration  = 3600
      + name                  = "venmo-action-automation-exec"
      + name_prefix           = (known after apply)
      + path                  = "/"
      + tags                  = {
          + "Name" = "venmo-action-automation"
        }
      + tags_all              = {
          + "Name" = "venmo-action-automation"
        }
      + unique_id             = (known after apply)

      + inline_policy (known after apply)
    }

  # aws_iam_role_policy_attachment.lambda_basic_execution will be created
  + resource "aws_iam_role_policy_attachment" "lambda_basic_execution" {
      + id         = (known after apply)
      + policy_arn = "arn:aws:iam::aws:policy/service-role/AWSLambdaBasicExecutionRole"
      + role       = "venmo-action-automation-exec"
    }

  # aws_lambda_function.venmo_action will be created
  + resource "aws_lambda_function" "venmo_action" {
      + architectures                  = (known after apply)
      + arn                            = (known after apply)
      + code_sha256                    = (known after apply)
      + filename                       = "./handler.zip"
      + function_name                  = "venmo-action-automation"
      + handler                        = "handler.handler"
      + id                             = (known after apply)
      + invoke_arn                     = (known after apply)
      + last_modified                  = (known after apply)
      + memory_size                    = 128
      + package_type                   = "Zip"
      + publish                        = false
      + qualified_arn                  = (known after apply)
      + qualified_invoke_arn           = (known after apply)
      + region                         = "us-east-1"
      + reserved_concurrent_executions = -1
      + response_streaming_invoke_arn  = (known after apply)
      + role                           = (known after apply)
      + runtime                        = "python3.11"
      + signing_job_arn                = (known after apply)
      + signing_profile_version_arn    = (known after apply)
      + skip_destroy                   = false
      + source_code_hash               = "gRMmTDfYZ2wOj1p8AStWC9A+Jqe5z9Z4w1eWRBji9gE="
      + source_code_size               = (known after apply)
      + tags                           = {
          + "Name" = "venmo-action-automation"
        }
      + tags_all                       = {
          + "Name" = "venmo-action-automation"
        }
      + timeout                        = 3
      + version                        = (known after apply)

      + environment {
          + variables = {
              + "VENMO_AUTH_TOKEN" = (sensitive value)
            }
        }

      + ephemeral_storage (known after apply)

      + logging_config (known after apply)

      + tracing_config (known after apply)
    }

Plan: 3 to add, 0 to change, 0 to destroy.

Changes to Outputs:
  + lambda_function_arn  = (known after apply)
  + lambda_function_name = "venmo-action-automation"
  + lambda_invoke_arn    = (known after apply)
aws_iam_role.lambda_exec: Creating...
aws_iam_role.lambda_exec: Creation complete after 0s [id=venmo-action-automation-exec]
aws_iam_role_policy_attachment.lambda_basic_execution: Creating...
aws_lambda_function.venmo_action: Creating...
aws_iam_role_policy_attachment.lambda_basic_execution: Creation complete after 0s [id=venmo-action-automation-exec/arn:aws:iam::aws:policy/service-role/AWSLambdaBasicExecutionRole]
aws_lambda_function.venmo_action: Creation complete after 6s [id=venmo-action-automation]

Apply complete! Resources: 3 added, 0 changed, 0 destroyed.

Outputs:

lambda_function_arn = "arn:aws:lambda:us-east-1:000000000000:function:venmo-action-automation"
lambda_function_name = "venmo-action-automation"
lambda_invoke_arn = "arn:aws:apigateway:us-east-1:lambda:path/2015-03-31/functions/arn:aws:lambda:us-east-1:000000000000:function:venmo-action-automation/invocations"
