{"format_version":"1.2","terraform_version":"1.13.5","variables":{"aws_region":{"value":"us-east-1"},"lambda_function_name":{"value":"venmo-action-automation"},"lambda_handler":{"value":"handler.handler"},"lambda_runtime":{"value":"python3.11"},"venmo_auth_token":{"value":"ai-basis-tf"}},"planned_values":{"outputs":{"lambda_function_arn":{"sensitive":false},"lambda_function_name":{"sensitive":false,"type":"string","value":"venmo-action-automation"},"lambda_invoke_arn":{"sensitive":false}},"root_module":{"resources":[{"address":"aws_iam_role.lambda_exec","mode":"managed","type":"aws_iam_role","name":"lambda_exec","provider_name":"registry.terraform.io/hashicorp/aws","schema_version":0,"values":{"assume_role_policy":"{\"Statement\":[{\"Action\":\"sts:AssumeRole\",\"Effect\":\"Allow\",\"Principal\":{\"Service\":\"lambda.amazonaws.com\"}}],\"Version\":\"2012-10-17\"}","description":null,"force_detach_policies":false,"max_session_duration":3600,"name":"venmo-action-automation-exec","path":"/","permissions_boundary":null,"tags":{"Name":"venmo-action-automation"},"tags_all":{"Name":"venmo-action-automation"}},"sensitive_values":{"inline_policy":[],"managed_policy_arns":[],"tags":{},"tags_all":{}},"identity_schema_version":0,"identity":{"account_id":null,"name":null}},{"address":"aws_iam_role_policy_attachment.lambda_basic_execution","mode":"managed","type":"aws_iam_role_policy_attachment","name":"lambda_basic_execution","provider_name":"registry.terraform.io/hashicorp/aws","schema_version":0,"values":{"policy_arn":"arn:aws:iam::aws:policy/service-role/AWSLambdaBasicExecutionRole","role":"venmo-action-automation-exec"},"sensitive_values":{},"identity_schema_version":0,"identity":{"account_id":null,"policy_arn":null,"role":null}},{"address":"aws_lambda_function.venmo_action","mode":"managed","type":"aws_lambda_function","name":"venmo_action","provider_name":"registry.terraform.io/hashicorp/aws","schema_version":0,"values":{"capacity_provider_config":[],"code_signing_config_arn":null,"dead_letter_config":[],"description":null,"durable_config":[],"environment":[{"variables":{"VENMO_AUTH_TOKEN":"ai-basis-tf"}}],"file_system_config":[],"filename":"./handler.zip","function_name":"venmo-action-automation","handler":"handler.handler","image_config":[],"image_uri":null,"kms_key_arn":null,"layers":null,"memory_size":128,"package_type":"Zip","publish":false,"publish_to":null,"region":"us-east-1","replace_security_groups_on_destroy":null,"replacement_security_group_ids":null,"reserved_concurrent_executions":-1,"runtime":"python3.11","s3_bucket":null,"s3_key":null,"s3_object_version":null,"skip_destroy":false,"snap_start":[],"source_code_hash":"gRMmTDfYZ2wOj1p8AStWC9A+Jqe5z9Z4w1eWRBji9gE=","source_kms_key_arn":null,"tags":{"Name":"venmo-action-automation"},"tags_all":{"Name":"venmo-action-automation"},"tenancy_config":[],"timeout":3,"timeouts":null,"vpc_config":[]},"sensitive_values":{"architectures":[],"capacity_provider_config":[],"dead_letter_config":[],"durable_config":[],"environment":[{"variables":{"VENMO_AUTH_TOKEN":true}}],"ephemeral_storage":[],"file_system_config":[],"image_config":[],"logging_config":[],"snap_start":[],"tags":{},"tags_all":{},"tenancy_config":[],"tracing_config":[],"vpc_config":[]},"identity_schema_version":0,"identity":{"account_id":null,"function_name":null,"region":null}}]}},"resource_changes":[{"address":"aws_iam_role.lambda_exec","mode":"managed","type":"aws_iam_role","name":"lambda_exec","provider_name":"registry.terraform.io/hashicorp/aws","change":{"actions":["create"],"before":null,"after":{"assume_role_policy":"{\"Statement\":[{\"Action\":\"sts:AssumeRole\",\"Effect\":\"Allow\",\"Principal\":{\"Service\":\"lambda.amazonaws.com\"}}],\"Version\":\"2012-10-17\"}","description":null,"force_detach_policies":false,"max_session_duration":3600,"name":"venmo-action-automation-exec","path":"/","permissions_boundary":null,"tags":{"Name":"venmo-action-automation"},"tags_all":{"Name":"venmo-action-automation"}},"after_unknown":{"arn":true,"create_date":true,"id":true,"inline_policy":true,"managed_policy_arns":true,"name_prefix":true,"tags":{},"tags_all":{},"unique_id":true},"before_sensitive":false,"after_sensitive":{"inline_policy":[],"managed_policy_arns":[],"tags":{},"tags_all":{}},"after_identity":{"account_id":null,"name":null}}},{"address":"aws_iam_role_policy_attachment.lambda_basic_execution","mode":"managed","type":"aws_iam_role_policy_attachment","name":"lambda_basic_execution","provider_name":"registry.terraform.io/hashicorp/aws","change":{"actions":["create"],"before":null,"after":{"policy_arn":"arn:aws:iam::aws:policy/service-role/AWSLambdaBasicExecutionRole","role":"venmo-action-automation-exec"},"after_unknown":{"id":true},"before_sensitive":false,"after_sensitive":{},"after_identity":{"account_id":null,"policy_arn":null,"role":null}}},{"address":"aws_lambda_function.venmo_action","mode":"managed","type":"aws_lambda_function","name":"venmo_action","provider_name":"registry.terraform.io/hashicorp/aws","change":{"actions":["create"],"before":null,"after":{"capacity_provider_config":[],"code_signing_config_arn":null,"dead_letter_config":[],"description":null,"durable_config":[],"environment":[{"variables":{"VENMO_AUTH_TOKEN":"ai-basis-tf"}}],"file_system_config":[],"filename":"./handler.zip","function_name":"venmo-action-automation","handler":"handler.handler","image_config":[],"image_uri":null,"kms_key_arn":null,"layers":null,"memory_size":128,"package_type":"Zip","publish":false,"publish_to":null,"region":"us-east-1","replace_security_groups_on_destroy":null,"replacement_security_group_ids":null,"reserved_concurrent_executions":-1,"runtime":"python3.11","s3_bucket":null,"s3_key":null,"s3_object_version":null,"skip_destroy":false,"snap_start":[],"source_code_hash":"gRMmTDfYZ2wOj1p8AStWC9A+Jqe5z9Z4w1eWRBji9gE=","source_kms_key_arn":null,"tags":{"Name":"venmo-action-automation"},"tags_all":{"Name":"venmo-action-automation"},"tenancy_config":[],"timeout":3,"timeouts":null,"vpc_config":[]},"after_unknown":{"architectures":true,"arn":true,"capacity_provider_config":[],"code_sha256":true,"dead_letter_config":[],"durable_config":[],"environment":[{"variables":{}}],"ephemeral_storage":true,"file_system_config":[],"id":true,"image_config":[],"invoke_arn":true,"last_modified":true,"logging_config":true,"qualified_arn":true,"qualified_invoke_arn":true,"response_streaming_invoke_arn":true,"role":true,"signing_job_arn":true,"signing_profile_version_arn":true,"snap_start":[],"source_code_size":true,"tags":{},"tags_all":{},"tenancy_config":[],"tracing_config":true,"version":true,"vpc_config":[]},"before_sensitive":false,"after_sensitive":{"architectures":[],"capacity_provider_config":[],"dead_letter_config":[],"durable_config":[],"environment":[{"variables":{"VENMO_AUTH_TOKEN":true}}],"ephemeral_storage":[],"file_system_config":[],"image_config":[],"logging_config":[],"snap_start":[],"tags":{},"tags_all":{},"tenancy_config":[],"tracing_config":[],"vpc_config":[]},"after_identity":{"account_id":null,"function_name":null,"region":null}}}],"output_changes":{"lambda_function_arn":{"actions":["create"],"before":null,"after_unknown":true,"before_sensitive":false,"after_sensitive":false},"lambda_function_name":{"actions":["create"],"before":null,"after":"venmo-action-automation","after_unknown":false,"before_sensitive":false,"after_sensitive":false},"lambda_invoke_arn":{"actions":["create"],"before":null,"after_unknown":true,"before_sensitive":false,"after_sensitive":false}},"prior_state":{"format_version":"1.0","terraform_version":"1.13.5","values":{"outputs":{"lambda_function_name":{"sensitive":false,"value":"venmo-action-automation","type":"string"}},"root_module":{"resources":[{"address":"data.archive_file.lambda_dummy","mode":"data","type":"archive_file","name":"lambda_dummy","provider_name":"registry.terraform.io/hashicorp/archive","schema_version":0,"values":{"exclude_symlink_directories":null,"excludes":null,"id":"58e93fade67637870be5af38eff8d5aa66c7da49","output_base64sha256":"wmbalFzzY/wG3ivChKElOZB3+B4gptmQyIat05p+fU4=","output_base64sha512":"BQYAg1LwEY4tDmry1VoRx6StX0vjH+7LpfB5KAZLVvfJQjioPbBv1QxI6QF6P2U614fU3h9XKBCb9z5Y1ornqA==","output_file_mode":null,"output_md5":"a0dbd832a6a977d6d5b28ea5c85e30fb","output_path":"./.dummy/lambda.zip","output_sha":"58e93fade67637870be5af38eff8d5aa66c7da49","output_sha256":"c266da945cf363fc06de2bc284a125399077f81e20a6d990c886add39a7e7d4e","output_sha512":"0506008352f0118e2d0e6af2d55a11c7a4ad5f4be31feecba5f07928064b56f7c94238a83db06fd50c48e9017a3f653ad787d4de1f5728109bf73e58d68ae7a8","output_size":246,"source":[{"content":"exports.handler = async (event) =\u003e {\n  console.log(\"Dummy lambda invoked\");\n  return { statusCode: 200, body: \"dummy\" };\n};\n","filename":"index.js"}],"source_content":null,"source_content_filename":null,"source_dir":null,"source_file":null,"type":"zip"},"sensitive_values":{"source":[{}]}},{"address":"data.archive_file.lambda_zip","mode":"data","type":"archive_file","name":"lambda_zip","provider_name":"registry.terraform.io/hashicorp/archive","schema_version":0,"values":{"exclude_symlink_directories":null,"excludes":["*.gitignore","*.md","*.sh",".git","LICENSE","ai_basis_tf"],"id":"ccac5d2486dd38a37cb8bf123de063a3feedc5e9","output_base64sha256":"gRMmTDfYZ2wOj1p8AStWC9A+Jqe5z9Z4w1eWRBji9gE=","output_base64sha512":"qGAj7WdUeLXQn7tCL29KPYI+A2ZBAHcwQo8AcahYtS8wjrjQKEI0M0TOwR5eGekjUaKBYKx4ednfeqH0smqb7w==","output_file_mode":null,"output_md5":"c4233c2222191636c6000ec560c8c873","output_path":"./handler.zip","output_sha":"ccac5d2486dd38a37cb8bf123de063a3feedc5e9","output_sha256":"8113264c37d8676c0e8f5a7c012b560bd03e26a7b9cfd678c357964418e2f601","output_sha512":"a86023ed675478b5d09fbb422f6f4a3d823e036641007730428f0071a858b52f308eb8d02842343344cec11e5e19e92351a28160ac7879d9df7aa1f4b26a9bef","output_size":796,"source":[],"source_content":null,"source_content_filename":null,"source_dir":"../","source_file":null,"type":"zip"},"sensitive_values":{"excludes":[false,false,false,false,false,false],"source":[]}}]}}},"configuration":{"provider_config":{"archive":{"name":"archive","full_name":"registry.terraform.io/hashicorp/archive","version_constraint":"2.7.1"},"aws":{"name":"aws","full_name":"registry.terraform.io/hashicorp/aws","version_constraint":"6.28.0","expressions":{"region":{"references":["var.aws_region"]}}}},"root_module":{"outputs":{"lambda_function_arn":{"expression":{"references":["aws_lambda_function.venmo_action.arn","aws_lambda_function.venmo_action"]}},"lambda_function_name":{"expression":{"references":["aws_lambda_function.venmo_action.function_name","aws_lambda_function.venmo_action"]}},"lambda_invoke_arn":{"expression":{"references":["aws_lambda_function.venmo_action.invoke_arn","aws_lambda_function.venmo_action"]}}},"resources":[{"address":"aws_cloudwatch_event_rule.venmo_schedule","mode":"managed","type":"aws_cloudwatch_event_rule","name":"venmo_schedule","provider_config_key":"aws","expressions":{"description":{"references":["local.venmo_schedules","count.index"]},"name":{"references":["local.venmo_schedules","count.index"]},"schedule_expression":{"references":["local.venmo_schedules","count.index"]}},"schema_version":1,"count_expression":{"references":["local.venmo_schedules"]}},{"address":"aws_cloudwatch_event_target.lambda_target","mode":"managed","type":"aws_cloudwatch_event_target","name":"lambda_target","provider_config_key":"aws","expressions":{"arn":{"references":["aws_lambda_function.venmo_action.arn","aws_lambda_function.venmo_action"]},"input":{"references":["local.venmo_schedules","count.index"]},"rule":{"references":["aws_cloudwatch_event_rule.venmo_schedule","count.index"]}},"schema_version":1,"count_expression":{"references":["local.venmo_schedules"]}},{"address":"aws_iam_role.lambda_exec","mode":"managed","type":"aws_iam_role","name":"lambda_exec","provider_config_key":"aws","expressions":{"assume_role_policy":{},"name":{"references":["var.lambda_function_name"]},"tags":{"references":["var.lambda_function_name"]}},"schema_version":0},{"address":"aws_iam_role_policy_attachment.lambda_basic_execution","mode":"managed","type":"aws_iam_role_policy_attachment","name":"lambda_basic_execution","provider_config_key":"aws","expressions":{"policy_arn":{"constant_value":"arn:aws:iam::aws:policy/service-role/AWSLambdaBasicExecutionRole"},"role":{"references":["aws_iam_role.lambda_exec.name","aws_iam_role.lambda_exec"]}},"schema_version":0},{"address":"aws_lambda_function.venmo_action","mode":"managed","type":"aws_lambda_function","name":"venmo_action","provider_config_key":"aws","expressions":{"environment":[{"variables":{"references":["var.venmo_auth_token"]}}],"filename":{"references":["data.archive_file.lambda_zip.output_path","data.archive_file.lambda_zip"]},"function_name":{"references":["var.lambda_function_name"]},"handler":{"references":["var.lambda_handler"]},"role":{"references":["aws_iam_role.lambda_exec.arn","aws_iam_role.lambda_exec"]},"runtime":{"references":["var.lambda_runtime"]},"source_code_hash":{"references":["data.archive_file.lambda_zip.output_base64sha256","data.archive_file.lambda_zip"]},"tags":{"references":["var.lambda_function_name"]}},"schema_version":0},{"address":"aws_lambda_permission.allow_cloudwatch","mode":"managed","type":"aws_lambda_permission","name":"allow_cloudwatch","provider_config_key":"aws","expressions":{"action":{"constant_value":"lambda:InvokeFunction"},"function_name":{"references":["aws_lambda_function.venmo_action.function_name","aws_lambda_function.venmo_action"]},"principal":{"constant_value":"events.amazonaws.com"},"source_arn":{"references":["aws_cloudwatch_event_rule.venmo_schedule","count.index"]},"statement_id":{"references":["count.index"]}},"schema_version":0,"count_expression":{"references":["local.venmo_schedules"]}},{"address":"data.archive_file.lambda_dummy","mode":"data","type":"archive_file","name":"lambda_dummy","provider_config_key":"archive","expressions":{"output_path":{"references":["local.lambda_dummy_zip"]},"source":[{"content":{"constant_value":"exports.handler = async (event) =\u003e {\n  console.log(\"Dummy lambda invoked\");\n  return { statusCode: 200, body: \"dummy\" };\n};\n"},"filename":{"constant_value":"index.js"}}],"type":{"constant_value":"zip"}},"schema_version":0},{"address":"data.archive_file.lambda_zip","mode":"data","type":"archive_file","name":"lambda_zip","provider_config_key":"archive","expressions":{"excludes":{"constant_value":["ai_basis_tf",".git","*.md","*.sh","*.gitignore","LICENSE"]},"output_path":{"constant_value":"./handler.zip"},"source_dir":{"constant_value":"../"},"type":{"constant_value":"zip"}},"schema_version":0}],"variables":{"aws_region":{"default":"us-east-1","description":"AWS region to deploy resources in."},"lambda_function_name":{"default":"venmo-action-automation","description":"Name for the Lambda function."},"lambda_handler":{"default":"handler.handler","description":"Handler for the Lambda function."},"lambda_runtime":{"default":"python3.11","description":"Runtime for the Lambda function."},"venmo_auth_token":{"description":"Venmo API Auth Token.","sensitive":true}}}},"relevant_attributes":[{"resource":"aws_iam_role.lambda_exec","attribute":["arn"]},{"resource":"data.archive_file.lambda_zip","attribute":["output_base64sha256"]},{"resource":"aws_iam_role.lambda_exec","attribute":["name"]},{"resource":"aws_lambda_function.venmo_action","attribute":["arn"]},{"resource":"aws_lambda_function.venmo_action","attribute":["function_name"]},{"resource":"aws_lambda_function.venmo_action","attribute":["invoke_arn"]},{"resource":"data.archive_file.lambda_zip","attribute":["output_path"]}],"timestamp":"2026-01-23T12:57:22Z","applyable":true,"complete":true,"errored":false}
