{
  "version": 4,
  "terraform_version": "1.13.5",
  "serial": 1,
  "lineage": "e8005f36-86a2-ddf4-3935-4b5b8a94ab41",
  "outputs": {},
  "resources": [
    {
      "mode": "managed",
      "type": "random_id",
      "name": "bucket_suffix",
      "provider": "provider[\"registry.terraform.io/hashicorp/random\"]",
      "instances": [
        {
          "schema_version": 0,
          "attributes": {
            "b64_std": "vv4e3g==",
            "b64_url": "vv4e3g",
            "byte_length": 4,
            "dec": "3204325086",
            "hex": "befe1ede",
            "id": "vv4e3g",
            "keepers": null,
            "prefix": null
          },
          "sensitive_attributes": [],
          "identity_schema_version": 0
        }
      ]
    }
  ],
  "check_results": null
}
