data.archive_file.lambda_dummy: Reading...
data.archive_file.lambda_dummy: Read complete after 0s [id=58e93fade67637870be5af38eff8d5aa66c7da49]
data.aws_kms_key.ssm: Reading...
data.aws_kms_key.s3: Reading...
data.aws_kms_key.ssm: Read complete after 0s [id=fc1594d8-00b3-46d1-9f7f-59c073ad4583]
data.aws_kms_key.s3: Read complete after 0s [id=eacf24f7-ef34-4dd6-a24f-61b508aee58e]

Terraform used the selected providers to generate the following execution
plan. Resource actions are indicated with the following symbols:
  + create
 <= read (data resources)

Terraform will perform the following actions:

  # data.archive_file.lambda will be read during apply
  # (depends on a resource or a module with changes pending)
 <= data "archive_file" "lambda" {
      + id                  = (known after apply)
      + output_base64sha256 = (known after apply)
      + output_base64sha512 = (known after apply)
      + output_file_mode    = "0666"
      + output_md5          = (known after apply)
      + output_path         = "./ssm_backup.zip"
      + output_sha          = (known after apply)
      + output_sha256       = (known after apply)
      + output_sha512       = (known after apply)
      + output_size         = (known after apply)
      + source_dir          = "./function/"
      + type                = "zip"
    }

  # aws_cloudwatch_event_rule.this will be created
  + resource "aws_cloudwatch_event_rule" "this" {
      + arn                 = (known after apply)
      + description         = "To invoke the 607872658-dev-ssm-parameter-store-backup Lambda function once daily."
      + event_bus_name      = "default"
      + force_destroy       = false
      + id                  = (known after apply)
      + name                = "607872658-dev-ssm-parameter-store-backup-rule"
      + name_prefix         = (known after apply)
      + region              = "us-east-1"
      + schedule_expression = "rate(1 day)"
      + tags_all            = {
          + "Project" = "607872658"
        }
    }

  # aws_cloudwatch_event_target.this will be created
  + resource "aws_cloudwatch_event_target" "this" {
      + arn            = (known after apply)
      + event_bus_name = "default"
      + force_destroy  = false
      + id             = (known after apply)
      + region         = "us-east-1"
      + rule           = "607872658-dev-ssm-parameter-store-backup-rule"
      + target_id      = "InvokeSSMLambda"
    }

  # aws_iam_policy.this will be created
  + resource "aws_iam_policy" "this" {
      + arn              = (known after apply)
      + attachment_count = (known after apply)
      + id               = (known after apply)
      + name             = "607872658-dev-ssm-parameter-store-backup-policy"
      + name_prefix      = (known after apply)
      + path             = "/"
      + policy           = jsonencode(
            {
              + Statement = [
                  + {
                      + Action   = [
                          + "ssm:DescribeParameters",
                          + "ssm:GetParameterHistory",
                          + "ssm:GetParametersByPath",
                          + "ssm:GetParameters",
                          + "ssm:GetParameter",
                        ]
                      + Effect   = "Allow"
                      + Resource = "*"
                    },
                  + {
                      + Action   = [
                          + "logs:CreateLogGroup",
                          + "logs:CreateLogStream",
                          + "logs:PutLogEvents",
                        ]
                      + Effect   = "Allow"
                      + Resource = "*"
                    },
                  + {
                      + Action   = [
                          + "s3:ListAllMyBuckets",
                        ]
                      + Effect   = "Allow"
                      + Resource = "arn:aws:s3:::*"
                    },
                  + {
                      + Action   = [
                          + "s3:ListBucket",
                          + "s3:ListBucketMultipartUploads",
                          + "s3:GetBucketLocation",
                          + "s3:AbortMultipartUpload",
                          + "s3:GetObjectAcl",
                          + "s3:GetObjectVersion",
                          + "s3:DeleteObject",
                          + "s3:DeleteObjectVersion",
                          + "s3:GetObject",
                          + "s3:PutObjectAcl",
                          + "s3:PutObject",
                          + "s3:GetObjectVersionAcl",
                        ]
                      + Effect   = "Allow"
                      + Resource = [
                          + "arn:aws:s3:::607872658-dev-ssm-parameter-store-backups-bucket",
                          + "arn:aws:s3:::607872658-dev-ssm-parameter-store-backups-bucket/*",
                        ]
                    },
                  + {
                      + Action   = [
                          + "kms:Encrypt",
                          + "kms:Decrypt",
                          + "kms:GenerateDataKey",
                        ]
                      + Effect   = "Allow"
                      + Resource = [
                          + "arn:aws:kms:us-east-1:000000000000:key/fc1594d8-00b3-46d1-9f7f-59c073ad4583",
                          + "arn:aws:kms:us-east-1:000000000000:key/eacf24f7-ef34-4dd6-a24f-61b508aee58e",
                        ]
                    },
                ]
              + Version   = "2012-10-17"
            }
        )
      + policy_id        = (known after apply)
      + tags_all         = {
          + "Project" = "607872658"
        }
    }

  # aws_iam_role.this will be created
  + resource "aws_iam_role" "this" {
      + arn                   = (known after apply)
      + assume_role_policy    = jsonencode(
            {
              + Statement = [
                  + {
                      + Action    = "sts:AssumeRole"
                      + Effect    = "Allow"
                      + Principal = {
                          + Service = "lambda.amazonaws.com"
                        }
                    },
                ]
              + Version   = "2012-10-17"
            }
        )
      + create_date           = (known after apply)
      + force_detach_policies = false
      + id                    = (known after apply)
      + managed_policy_arns   = (known after apply)
      + max_session_duration  = 3600
      + name                  = "607872658-dev-ssm-parameter-store-backup-role"
      + name_prefix           = (known after apply)
      + path                  = "/"
      + tags_all              = {
          + "Project" = "607872658"
        }
      + unique_id             = (known after apply)

      + inline_policy (known after apply)
    }

  # aws_lambda_function.this will be created
  + resource "aws_lambda_function" "this" {
      + architectures                  = (known after apply)
      + arn                            = (known after apply)
      + code_sha256                    = (known after apply)
      + description                    = "To take backup in the `.json` format of all the parameters residing on AWS SSM Parameter Store and store it on an AWS S3 bucket."
      + filename                       = "./ssm_backup.zip"
      + function_name                  = "607872658-dev-ssm-parameter-store-backup"
      + handler                        = "ssm_backup.lambda_handler"
      + id                             = (known after apply)
      + invoke_arn                     = (known after apply)
      + last_modified                  = (known after apply)
      + memory_size                    = 128
      + package_type                   = "Zip"
      + publish                        = false
      + qualified_arn                  = (known after apply)
      + qualified_invoke_arn           = (known after apply)
      + region                         = "us-east-1"
      + reserved_concurrent_executions = -1
      + role                           = (known after apply)
      + runtime                        = "python3.9"
      + signing_job_arn                = (known after apply)
      + signing_profile_version_arn    = (known after apply)
      + skip_destroy                   = false
      + source_code_hash               = (known after apply)
      + source_code_size               = (known after apply)
      + tags_all                       = {
          + "Project" = "607872658"
        }
      + timeout                        = 120
      + version                        = (known after apply)

      + environment {
          + variables = {
              + "KMS_KEY_ARN" = "arn:aws:kms:us-east-1:000000000000:key/eacf24f7-ef34-4dd6-a24f-61b508aee58e"
              + "S3_BUCKET"   = "607872658-dev-ssm-parameter-store-backups-bucket"
            }
        }

      + ephemeral_storage (known after apply)

      + logging_config (known after apply)

      + tracing_config (known after apply)
    }

  # aws_lambda_permission.cloudwatch will be created
  + resource "aws_lambda_permission" "cloudwatch" {
      + action              = "lambda:InvokeFunction"
      + function_name       = "607872658-dev-ssm-parameter-store-backup"
      + id                  = (known after apply)
      + principal           = "events.amazonaws.com"
      + region              = "us-east-1"
      + source_arn          = (known after apply)
      + statement_id        = "AllowExecutionFromCloudWatch"
      + statement_id_prefix = (known after apply)
    }

  # aws_s3_bucket.this will be created
  + resource "aws_s3_bucket" "this" {
      + acceleration_status         = (known after apply)
      + acl                         = (known after apply)
      + arn                         = (known after apply)
      + bucket                      = "607872658-dev-ssm-parameter-store-backups-bucket"
      + bucket_domain_name          = (known after apply)
      + bucket_prefix               = (known after apply)
      + bucket_region               = (known after apply)
      + bucket_regional_domain_name = (known after apply)
      + force_destroy               = false
      + hosted_zone_id              = (known after apply)
      + id                          = (known after apply)
      + object_lock_enabled         = (known after apply)
      + policy                      = (known after apply)
      + region                      = "us-east-1"
      + request_payer               = (known after apply)
      + tags                        = {
          + "Environment" = "dev"
          + "Name"        = "607872658-dev-ssm-parameter-store-backups-bucket"
        }
      + tags_all                    = {
          + "Environment" = "dev"
          + "Name"        = "607872658-dev-ssm-parameter-store-backups-bucket"
          + "Project"     = "607872658"
        }
      + website_domain              = (known after apply)
      + website_endpoint            = (known after apply)

      + cors_rule (known after apply)

      + grant (known after apply)

      + lifecycle_rule (known after apply)

      + logging (known after apply)

      + object_lock_configuration (known after apply)

      + replication_configuration (known after apply)

      + server_side_encryption_configuration (known after apply)

      + versioning (known after apply)

      + website (known after apply)
    }

  # aws_s3_bucket_acl.this will be created
  + resource "aws_s3_bucket_acl" "this" {
      + acl    = "private"
      + bucket = (known after apply)
      + id     = (known after apply)
      + region = "us-east-1"

      + access_control_policy (known after apply)
    }

  # aws_s3_bucket_lifecycle_configuration.this will be created
  + resource "aws_s3_bucket_lifecycle_configuration" "this" {
      + bucket                                 = (known after apply)
      + expected_bucket_owner                  = (known after apply)
      + id                                     = (known after apply)
      + region                                 = "us-east-1"
      + transition_default_minimum_object_size = "all_storage_classes_128K"

      + rule {
          + id     = "backups"
          + status = "Enabled"
            # (1 unchanged attribute hidden)

          + expiration {
              + days                         = 365
              + expired_object_delete_marker = false
            }

          + filter {
              + prefix = "backups/"
            }

          + transition {
              + days          = 180
              + storage_class = "DEEP_ARCHIVE"
            }
          + transition {
              + days          = 90
              + storage_class = "GLACIER_IR"
            }
        }
    }

  # aws_s3_bucket_server_side_encryption_configuration.this will be created
  + resource "aws_s3_bucket_server_side_encryption_configuration" "this" {
      + bucket = (known after apply)
      + id     = (known after apply)
      + region = "us-east-1"

      + rule {
          + blocked_encryption_types = []

          + apply_server_side_encryption_by_default {
              + kms_master_key_id = "arn:aws:kms:us-east-1:000000000000:key/eacf24f7-ef34-4dd6-a24f-61b508aee58e"
              + sse_algorithm     = "aws:kms"
            }
        }
    }

  # null_resource.local_package will be created
  + resource "null_resource" "local_package" {
      + id       = (known after apply)
      + triggers = {
          + "always_run" = (known after apply)
        }
    }

Plan: 11 to add, 0 to change, 0 to destroy.
