{
  "version": 4,
  "terraform_version": "1.13.5",
  "serial": 8,
  "lineage": "4a69586f-77bd-7512-da1a-91d066e57a71",
  "outputs": {
    "iam_group_name": {
      "value": "devops-challenge-group",
      "type": "string"
    },
    "iam_policy_arn": {
      "value": "arn:aws:iam::000000000000:policy/devops-challenge-policy",
      "type": "string"
    },
    "iam_role_arn": {
      "value": "arn:aws:iam::000000000000:role/devops-challenge-role",
      "type": "string"
    },
    "iam_role_name": {
      "value": "devops-challenge-role",
      "type": "string"
    },
    "iam_user_name": {
      "value": "devops-challenge-user",
      "type": "string"
    }
  },
  "resources": [
    {
      "mode": "data",
      "type": "aws_caller_identity",
      "name": "current",
      "provider": "provider[\"registry.terraform.io/hashicorp/aws\"]",
      "instances": [
        {
          "schema_version": 0,
          "attributes": {
            "account_id": "000000000000",
            "arn": "arn:aws:iam::000000000000:root",
            "id": "000000000000",
            "user_id": "AKIAIOSFODNN7EXAMPLE"
          },
          "sensitive_attributes": [],
          "identity_schema_version": 0
        }
      ]
    },
    {
      "mode": "data",
      "type": "aws_iam_policy_document",
      "name": "assume_role",
      "provider": "provider[\"registry.terraform.io/hashicorp/aws\"]",
      "instances": [
        {
          "schema_version": 0,
          "attributes": {
            "id": "2441728182",
            "json": "{\n  \"Version\": \"2012-10-17\",\n  \"Statement\": [\n    {\n      \"Sid\": \"AllowAccountUsersAssumeRole\",\n      \"Effect\": \"Allow\",\n      \"Action\": \"sts:AssumeRole\",\n      \"Principal\": {\n        \"AWS\": \"arn:aws:iam::000000000000:root\"\n      }\n    }\n  ]\n}",
            "minified_json": "{\"Version\":\"2012-10-17\",\"Statement\":[{\"Sid\":\"AllowAccountUsersAssumeRole\",\"Effect\":\"Allow\",\"Action\":\"sts:AssumeRole\",\"Principal\":{\"AWS\":\"arn:aws:iam::000000000000:root\"}}]}",
            "override_json": null,
            "override_policy_documents": null,
            "policy_id": null,
            "source_json": null,
            "source_policy_documents": null,
            "statement": [
              {
                "actions": [
                  "sts:AssumeRole"
                ],
                "condition": [],
                "effect": "Allow",
                "not_actions": [],
                "not_principals": [],
                "not_resources": [],
                "principals": [
                  {
                    "identifiers": [
                      "arn:aws:iam::000000000000:root"
                    ],
                    "type": "AWS"
                  }
                ],
                "resources": [],
                "sid": "AllowAccountUsersAssumeRole"
              }
            ],
            "version": "2012-10-17"
          },
          "sensitive_attributes": [],
          "identity_schema_version": 0
        }
      ]
    },
    {
      "mode": "data",
      "type": "aws_iam_policy_document",
      "name": "assume_role_policy",
      "provider": "provider[\"registry.terraform.io/hashicorp/aws\"]",
      "instances": [
        {
          "schema_version": 0,
          "attributes": {
            "id": "3350028045",
            "json": "{\n  \"Version\": \"2012-10-17\",\n  \"Statement\": [\n    {\n      \"Sid\": \"AllowAssumeRole\",\n      \"Effect\": \"Allow\",\n      \"Action\": \"sts:AssumeRole\",\n      \"Resource\": \"arn:aws:iam::000000000000:role/devops-challenge-role\"\n    }\n  ]\n}",
            "minified_json": "{\"Version\":\"2012-10-17\",\"Statement\":[{\"Sid\":\"AllowAssumeRole\",\"Effect\":\"Allow\",\"Action\":\"sts:AssumeRole\",\"Resource\":\"arn:aws:iam::000000000000:role/devops-challenge-role\"}]}",
            "override_json": null,
            "override_policy_documents": null,
            "policy_id": null,
            "source_json": null,
            "source_policy_documents": null,
            "statement": [
              {
                "actions": [
                  "sts:AssumeRole"
                ],
                "condition": [],
                "effect": "Allow",
                "not_actions": [],
                "not_principals": [],
                "not_resources": [],
                "principals": [],
                "resources": [
                  "arn:aws:iam::000000000000:role/devops-challenge-role"
                ],
                "sid": "AllowAssumeRole"
              }
            ],
            "version": "2012-10-17"
          },
          "sensitive_attributes": [],
          "identity_schema_version": 0
        }
      ]
    },
    {
      "mode": "managed",
      "type": "aws_iam_group",
      "name": "this",
      "provider": "provider[\"registry.terraform.io/hashicorp/aws\"]",
      "instances": [
        {
          "schema_version": 0,
          "attributes": {
            "arn": "arn:aws:iam::000000000000:group/devops-challenge-group",
            "id": "devops-challenge-group",
            "name": "devops-challenge-group",
            "path": "/",
            "unique_id": "y7oy78dr2s1ef41d2zf4"
          },
          "sensitive_attributes": [],
          "identity_schema_version": 0,
          "private": "bnVsbA=="
        }
      ]
    },
    {
      "mode": "managed",
      "type": "aws_iam_group_policy_attachment",
      "name": "this",
      "provider": "provider[\"registry.terraform.io/hashicorp/aws\"]",
      "instances": [
        {
          "schema_version": 0,
          "attributes": {
            "group": "devops-challenge-group",
            "id": "devops-challenge-group-20260127100010361900000002",
            "policy_arn": "arn:aws:iam::000000000000:policy/devops-challenge-policy"
          },
          "sensitive_attributes": [],
          "identity_schema_version": 0,
          "private": "bnVsbA==",
          "dependencies": [
            "aws_iam_group.this",
            "aws_iam_policy.this",
            "aws_iam_role.this",
            "data.aws_caller_identity.current",
            "data.aws_iam_policy_document.assume_role",
            "data.aws_iam_policy_document.assume_role_policy"
          ]
        }
      ]
    },
    {
      "mode": "managed",
      "type": "aws_iam_policy",
      "name": "this",
      "provider": "provider[\"registry.terraform.io/hashicorp/aws\"]",
      "instances": [
        {
          "schema_version": 0,
          "attributes": {
            "arn": "arn:aws:iam::000000000000:policy/devops-challenge-policy",
            "attachment_count": 0,
            "delay_after_policy_creation_in_ms": null,
            "description": "",
            "id": "arn:aws:iam::000000000000:policy/devops-challenge-policy",
            "name": "devops-challenge-policy",
            "name_prefix": "",
            "path": "/",
            "policy": "{\"Statement\":[{\"Action\":\"sts:AssumeRole\",\"Effect\":\"Allow\",\"Resource\":\"arn:aws:iam::000000000000:role/devops-challenge-role\",\"Sid\":\"AllowAssumeRole\"}],\"Version\":\"2012-10-17\"}",
            "policy_id": "A561630WJ8HRN27EXJC9G",
            "tags": null,
            "tags_all": {}
          },
          "sensitive_attributes": [],
          "identity_schema_version": 0,
          "identity": {
            "arn": "arn:aws:iam::000000000000:policy/devops-challenge-policy"
          },
          "private": "bnVsbA==",
          "dependencies": [
            "aws_iam_role.this",
            "data.aws_caller_identity.current",
            "data.aws_iam_policy_document.assume_role",
            "data.aws_iam_policy_document.assume_role_policy"
          ]
        }
      ]
    },
    {
      "mode": "managed",
      "type": "aws_iam_role",
      "name": "this",
      "provider": "provider[\"registry.terraform.io/hashicorp/aws\"]",
      "instances": [
        {
          "schema_version": 0,
          "attributes": {
            "arn": "arn:aws:iam::000000000000:role/devops-challenge-role",
            "assume_role_policy": "{\"Statement\":[{\"Action\":\"sts:AssumeRole\",\"Effect\":\"Allow\",\"Principal\":{\"AWS\":\"arn:aws:iam::000000000000:root\"},\"Sid\":\"AllowAccountUsersAssumeRole\"}],\"Version\":\"2012-10-17\"}",
            "create_date": "2026-01-27T10:00:10Z",
            "description": "",
            "force_detach_policies": false,
            "id": "devops-challenge-role",
            "inline_policy": [],
            "managed_policy_arns": [],
            "max_session_duration": 3600,
            "name": "devops-challenge-role",
            "name_prefix": "",
            "path": "/",
            "permissions_boundary": "",
            "tags": null,
            "tags_all": {},
            "unique_id": "AROAQAAAAAAAONZEA2QLR"
          },
          "sensitive_attributes": [],
          "identity_schema_version": 0,
          "identity": {
            "account_id": "000000000000",
            "name": "devops-challenge-role"
          },
          "private": "bnVsbA==",
          "dependencies": [
            "data.aws_caller_identity.current",
            "data.aws_iam_policy_document.assume_role"
          ]
        }
      ]
    },
    {
      "mode": "managed",
      "type": "aws_iam_user",
      "name": "this",
      "provider": "provider[\"registry.terraform.io/hashicorp/aws\"]",
      "instances": [
        {
          "schema_version": 0,
          "attributes": {
            "arn": "arn:aws:iam::000000000000:user/devops-challenge-user",
            "force_destroy": false,
            "id": "devops-challenge-user",
            "name": "devops-challenge-user",
            "path": "/",
            "permissions_boundary": "",
            "tags": null,
            "tags_all": {},
            "unique_id": "sa83a6imwt4oblwx85s5"
          },
          "sensitive_attributes": [],
          "identity_schema_version": 0,
          "private": "bnVsbA=="
        }
      ]
    },
    {
      "mode": "managed",
      "type": "aws_iam_user_group_membership",
      "name": "this",
      "provider": "provider[\"registry.terraform.io/hashicorp/aws\"]",
      "instances": [
        {
          "schema_version": 0,
          "attributes": {
            "groups": [
              "devops-challenge-group"
            ],
            "id": "terraform-20260127100010319200000001",
            "user": "devops-challenge-user"
          },
          "sensitive_attributes": [],
          "identity_schema_version": 0,
          "private": "bnVsbA==",
          "dependencies": [
            "aws_iam_group.this",
            "aws_iam_user.this"
          ]
        }
      ]
    }
  ],
  "check_results": null
}
