data.archive_file.lambda_dummy: Reading...
data.archive_file.lambda_dummy: Read complete after 0s [id=58e93fade67637870be5af38eff8d5aa66c7da49]
data.aws_region.current: Reading...
data.aws_availability_zones.available: Reading...
data.aws_iam_policy_document.lambda_assume_role_policy: Reading...
data.aws_iam_policy_document.mwaa_assume_role_policy: Reading...
data.aws_caller_identity.current: Reading...
data.aws_iam_policy_document.lambda_assume_role_policy: Read complete after 0s [id=2690255455]
data.aws_region.current: Read complete after 0s [id=us-east-1]
data.aws_iam_policy_document.mwaa_assume_role_policy: Read complete after 0s [id=3872323650]
data.aws_caller_identity.current: Read complete after 0s [id=000000000000]
data.aws_availability_zones.available: Read complete after 0s [id=us-east-1]

Terraform used the selected providers to generate the following execution
plan. Resource actions are indicated with the following symbols:
  + create
 <= read (data resources)

Terraform will perform the following actions:

  # data.aws_iam_policy_document.lambda_policy will be read during apply
  # (config refers to values not yet known)
 <= data "aws_iam_policy_document" "lambda_policy" {
      + id            = (known after apply)
      + json          = (known after apply)
      + minified_json = (known after apply)

      + statement {
          + actions   = [
              + "logs:CreateLogGroup",
              + "logs:CreateLogStream",
              + "logs:PutLogEvents",
              + "s3:GetObject",
              + "s3:ListBucket",
              + "s3:PutObject",
            ]
          + resources = [
              + (known after apply),
              + (known after apply),
              + (known after apply),
              + (known after apply),
            ]
        }
      + statement {
          + actions   = [
              + "airflow:GetEnvironment",
              + "airflow:ListEnvironments",
              + "airflow:PublishMetrics",
            ]
          + resources = [
              + "*",
            ]
        }
    }

  # data.aws_iam_policy_document.mwaa_policy will be read during apply
  # (config refers to values not yet known)
 <= data "aws_iam_policy_document" "mwaa_policy" {
      + id            = (known after apply)
      + json          = (known after apply)
      + minified_json = (known after apply)

      + statement {
          + actions   = [
              + "lambda:InvokeFunction",
              + "logs:CreateLogGroup",
              + "logs:CreateLogStream",
              + "logs:PutLogEvents",
              + "s3:GetObject",
              + "s3:ListBucket",
            ]
          + resources = [
              + (known after apply),
              + (known after apply),
              + (known after apply),
              + (known after apply),
              + (known after apply),
            ]
        }
    }

  # aws_cloudtrail.main will be created
  + resource "aws_cloudtrail" "main" {
      + arn                           = (known after apply)
      + enable_log_file_validation    = true
      + enable_logging                = true
      + home_region                   = (known after apply)
      + id                            = (known after apply)
      + include_global_service_events = true
      + is_multi_region_trail         = false
      + is_organization_trail         = false
      + name                          = "main-cloudtrail"
      + region                        = "us-east-1"
      + s3_bucket_name                = "ai-tf"
      + sns_topic_arn                 = (known after apply)
      + tags_all                      = (known after apply)

      + event_selector {
          + include_management_events = true
          + read_write_type           = "All"
        }
    }

  # aws_cloudwatch_log_group.lambda will be created
  + resource "aws_cloudwatch_log_group" "lambda" {
      + arn                         = (known after apply)
      + deletion_protection_enabled = (known after apply)
      + id                          = (known after apply)
      + log_group_class             = (known after apply)
      + name                        = "/aws/lambda/ai-tf"
      + name_prefix                 = (known after apply)
      + region                      = "us-east-1"
      + retention_in_days           = 14
      + skip_destroy                = false
      + tags_all                    = (known after apply)
    }

  # aws_cloudwatch_log_group.mwaa will be created
  + resource "aws_cloudwatch_log_group" "mwaa" {
      + arn                         = (known after apply)
      + deletion_protection_enabled = (known after apply)
      + id                          = (known after apply)
      + log_group_class             = (known after apply)
      + name                        = "/aws/mwaa/main-mwaa-env"
      + name_prefix                 = (known after apply)
      + region                      = "us-east-1"
      + retention_in_days           = 14
      + skip_destroy                = false
      + tags_all                    = (known after apply)
    }

  # aws_eip.nat will be created
  + resource "aws_eip" "nat" {
      + allocation_id        = (known after apply)
      + arn                  = (known after apply)
      + association_id       = (known after apply)
      + carrier_ip           = (known after apply)
      + customer_owned_ip    = (known after apply)
      + domain               = "vpc"
      + id                   = (known after apply)
      + instance             = (known after apply)
      + ipam_pool_id         = (known after apply)
      + network_border_group = (known after apply)
      + network_interface    = (known after apply)
      + private_dns          = (known after apply)
      + private_ip           = (known after apply)
      + ptr_record           = (known after apply)
      + public_dns           = (known after apply)
      + public_ip            = (known after apply)
      + public_ipv4_pool     = (known after apply)
      + region               = "us-east-1"
      + tags_all             = (known after apply)
    }

  # aws_iam_role.lambda will be created
  + resource "aws_iam_role" "lambda" {
      + arn                   = (known after apply)
      + assume_role_policy    = jsonencode(
            {
              + Statement = [
                  + {
                      + Action    = "sts:AssumeRole"
                      + Effect    = "Allow"
                      + Principal = {
                          + Service = "lambda.amazonaws.com"
                        }
                    },
                ]
              + Version   = "2012-10-17"
            }
        )
      + create_date           = (known after apply)
      + force_detach_policies = false
      + id                    = (known after apply)
      + managed_policy_arns   = (known after apply)
      + max_session_duration  = 3600
      + name                  = "lambda-execution-role"
      + name_prefix           = (known after apply)
      + path                  = "/"
      + tags_all              = (known after apply)
      + unique_id             = (known after apply)

      + inline_policy (known after apply)
    }

  # aws_iam_role.mwaa will be created
  + resource "aws_iam_role" "mwaa" {
      + arn                   = (known after apply)
      + assume_role_policy    = jsonencode(
            {
              + Statement = [
                  + {
                      + Action    = "sts:AssumeRole"
                      + Effect    = "Allow"
                      + Principal = {
                          + Service = "airflow.amazonaws.com"
                        }
                    },
                ]
              + Version   = "2012-10-17"
            }
        )
      + create_date           = (known after apply)
      + force_detach_policies = false
      + id                    = (known after apply)
      + managed_policy_arns   = (known after apply)
      + max_session_duration  = 3600
      + name                  = "mwaa-execution-role"
      + name_prefix           = (known after apply)
      + path                  = "/"
      + tags_all              = (known after apply)
      + unique_id             = (known after apply)

      + inline_policy (known after apply)
    }

  # aws_iam_role_policy.lambda_policy will be created
  + resource "aws_iam_role_policy" "lambda_policy" {
      + id          = (known after apply)
      + name        = "lambda-inline-policy"
      + name_prefix = (known after apply)
      + policy      = (known after apply)
      + role        = (known after apply)
    }

  # aws_iam_role_policy.mwaa_policy will be created
  + resource "aws_iam_role_policy" "mwaa_policy" {
      + id          = (known after apply)
      + name        = "mwaa-inline-policy"
      + name_prefix = (known after apply)
      + policy      = (known after apply)
      + role        = (known after apply)
    }

  # aws_internet_gateway.main will be created
  + resource "aws_internet_gateway" "main" {
      + arn      = (known after apply)
      + id       = (known after apply)
      + owner_id = (known after apply)
      + region   = "us-east-1"
      + tags     = {
          + "Name" = "main-igw"
        }
      + tags_all = {
          + "Name" = "main-igw"
        }
      + vpc_id   = (known after apply)
    }

  # aws_lambda_function.trigger_dag will be created
  + resource "aws_lambda_function" "trigger_dag" {
      + architectures                  = (known after apply)
      + arn                            = (known after apply)
      + code_sha256                    = (known after apply)
      + function_name                  = "ai-tf"
      + handler                        = "index.handler"
      + id                             = (known after apply)
      + invoke_arn                     = (known after apply)
      + last_modified                  = (known after apply)
      + memory_size                    = 128
      + package_type                   = "Zip"
      + publish                        = false
      + qualified_arn                  = (known after apply)
      + qualified_invoke_arn           = (known after apply)
      + region                         = "us-east-1"
      + reserved_concurrent_executions = -1
      + role                           = (known after apply)
      + runtime                        = "python3.9"
      + s3_bucket                      = "ai-tf-bucket"
      + s3_key                         = "ai-tf.txt"
      + signing_job_arn                = (known after apply)
      + signing_profile_version_arn    = (known after apply)
      + skip_destroy                   = false
      + source_code_hash               = (known after apply)
      + source_code_size               = (known after apply)
      + tags_all                       = (known after apply)
      + timeout                        = 60
      + version                        = (known after apply)

      + environment {
          + variables = {
              + "DAG_BUCKET"  = "ai-tf"
              + "DATA_BUCKET" = "ai-tf"
            }
        }

      + ephemeral_storage (known after apply)

      + logging_config (known after apply)

      + tracing_config (known after apply)

      + vpc_config {
          + ipv6_allowed_for_dual_stack = false
          + security_group_ids          = (known after apply)
          + subnet_ids                  = (known after apply)
          + vpc_id                      = (known after apply)
        }
    }

  # aws_mwaa_environment.main will be created
  + resource "aws_mwaa_environment" "main" {
      + airflow_configuration_options    = (sensitive value)
      + airflow_version                  = "2.6.3"
      + arn                              = (known after apply)
      + created_at                       = (known after apply)
      + dag_s3_path                      = "/"
      + database_vpc_endpoint_service    = (known after apply)
      + endpoint_management              = (known after apply)
      + environment_class                = "mw1.small"
      + execution_role_arn               = (known after apply)
      + id                               = (known after apply)
      + last_updated                     = (known after apply)
      + max_webservers                   = (known after apply)
      + max_workers                      = 2
      + min_webservers                   = (known after apply)
      + min_workers                      = 1
      + name                             = "main-mwaa-env"
      + plugins_s3_object_version        = (known after apply)
      + region                           = "us-east-1"
      + requirements_s3_object_version   = (known after apply)
      + requirements_s3_path             = "requirements.txt"
      + schedulers                       = (known after apply)
      + service_role_arn                 = (known after apply)
      + source_bucket_arn                = (known after apply)
      + startup_script_s3_object_version = (known after apply)
      + status                           = (known after apply)
      + tags_all                         = (known after apply)
      + webserver_access_mode            = "PUBLIC_ONLY"
      + webserver_url                    = (known after apply)
      + webserver_vpc_endpoint_service   = (known after apply)
      + weekly_maintenance_window_start  = (known after apply)
      + worker_replacement_strategy      = (known after apply)

      + logging_configuration {
          + dag_processing_logs {
              + cloud_watch_log_group_arn = (known after apply)
              + enabled                   = true
              + log_level                 = "INFO"
            }
          + scheduler_logs {
              + cloud_watch_log_group_arn = (known after apply)
              + enabled                   = true
              + log_level                 = "INFO"
            }
          + task_logs {
              + cloud_watch_log_group_arn = (known after apply)
              + enabled                   = true
              + log_level                 = "INFO"
            }
          + webserver_logs {
              + cloud_watch_log_group_arn = (known after apply)
              + enabled                   = true
              + log_level                 = "INFO"
            }
          + worker_logs {
              + cloud_watch_log_group_arn = (known after apply)
              + enabled                   = true
              + log_level                 = "INFO"
            }
        }

      + network_configuration {
          + security_group_ids = (known after apply)
          + subnet_ids         = (known after apply)
        }
    }

  # aws_nat_gateway.main will be created
  + resource "aws_nat_gateway" "main" {
      + allocation_id                      = (known after apply)
      + association_id                     = (known after apply)
      + auto_provision_zones               = (known after apply)
      + auto_scaling_ips                   = (known after apply)
      + availability_mode                  = (known after apply)
      + connectivity_type                  = "public"
      + id                                 = (known after apply)
      + network_interface_id               = (known after apply)
      + private_ip                         = (known after apply)
      + public_ip                          = (known after apply)
      + region                             = "us-east-1"
      + regional_nat_gateway_address       = (known after apply)
      + regional_nat_gateway_auto_mode     = (known after apply)
      + route_table_id                     = (known after apply)
      + secondary_allocation_ids           = (known after apply)
      + secondary_private_ip_address_count = (known after apply)
      + secondary_private_ip_addresses     = (known after apply)
      + subnet_id                          = (known after apply)
      + tags                               = {
          + "Name" = "main-nat-gw"
        }
      + tags_all                           = {
          + "Name" = "main-nat-gw"
        }
      + vpc_id                             = (known after apply)
    }

  # aws_route.private_nat_gateway will be created
  + resource "aws_route" "private_nat_gateway" {
      + destination_cidr_block = "0.0.0.0/0"
      + id                     = (known after apply)
      + instance_id            = (known after apply)
      + instance_owner_id      = (known after apply)
      + nat_gateway_id         = (known after apply)
      + network_interface_id   = (known after apply)
      + origin                 = (known after apply)
      + region                 = "us-east-1"
      + route_table_id         = (known after apply)
      + state                  = (known after apply)
    }

  # aws_route.public_internet_access will be created
  + resource "aws_route" "public_internet_access" {
      + destination_cidr_block = "0.0.0.0/0"
      + gateway_id             = (known after apply)
      + id                     = (known after apply)
      + instance_id            = (known after apply)
      + instance_owner_id      = (known after apply)
      + network_interface_id   = (known after apply)
      + origin                 = (known after apply)
      + region                 = "us-east-1"
      + route_table_id         = (known after apply)
      + state                  = (known after apply)
    }

  # aws_route_table.private will be created
  + resource "aws_route_table" "private" {
      + arn              = (known after apply)
      + id               = (known after apply)
      + owner_id         = (known after apply)
      + propagating_vgws = (known after apply)
      + region           = "us-east-1"
      + route            = (known after apply)
      + tags             = {
          + "Name" = "private-rt"
        }
      + tags_all         = {
          + "Name" = "private-rt"
        }
      + vpc_id           = (known after apply)
    }

  # aws_route_table.public will be created
  + resource "aws_route_table" "public" {
      + arn              = (known after apply)
      + id               = (known after apply)
      + owner_id         = (known after apply)
      + propagating_vgws = (known after apply)
      + region           = "us-east-1"
      + route            = (known after apply)
      + tags             = {
          + "Name" = "public-rt"
        }
      + tags_all         = {
          + "Name" = "public-rt"
        }
      + vpc_id           = (known after apply)
    }

  # aws_route_table_association.private[0] will be created
  + resource "aws_route_table_association" "private" {
      + id             = (known after apply)
      + region         = "us-east-1"
      + route_table_id = (known after apply)
      + subnet_id      = (known after apply)
    }

  # aws_route_table_association.private[1] will be created
  + resource "aws_route_table_association" "private" {
      + id             = (known after apply)
      + region         = "us-east-1"
      + route_table_id = (known after apply)
      + subnet_id      = (known after apply)
    }

  # aws_route_table_association.public[0] will be created
  + resource "aws_route_table_association" "public" {
      + id             = (known after apply)
      + region         = "us-east-1"
      + route_table_id = (known after apply)
      + subnet_id      = (known after apply)
    }

  # aws_route_table_association.public[1] will be created
  + resource "aws_route_table_association" "public" {
      + id             = (known after apply)
      + region         = "us-east-1"
      + route_table_id = (known after apply)
      + subnet_id      = (known after apply)
    }

  # aws_s3_bucket.dag will be created
  + resource "aws_s3_bucket" "dag" {
      + acceleration_status         = (known after apply)
      + acl                         = (known after apply)
      + arn                         = (known after apply)
      + bucket                      = "ai-tf"
      + bucket_domain_name          = (known after apply)
      + bucket_prefix               = (known after apply)
      + bucket_region               = (known after apply)
      + bucket_regional_domain_name = (known after apply)
      + force_destroy               = true
      + hosted_zone_id              = (known after apply)
      + id                          = (known after apply)
      + object_lock_enabled         = (known after apply)
      + policy                      = (known after apply)
      + region                      = "us-east-1"
      + request_payer               = (known after apply)
      + tags                        = {
          + "Name" = "airflow-dags-bucket"
        }
      + tags_all                    = {
          + "Name" = "airflow-dags-bucket"
        }
      + website_domain              = (known after apply)
      + website_endpoint            = (known after apply)

      + cors_rule (known after apply)

      + grant (known after apply)

      + lifecycle_rule (known after apply)

      + logging (known after apply)

      + object_lock_configuration (known after apply)

      + replication_configuration (known after apply)

      + server_side_encryption_configuration (known after apply)

      + versioning (known after apply)

      + website (known after apply)
    }

  # aws_s3_bucket.data will be created
  + resource "aws_s3_bucket" "data" {
      + acceleration_status         = (known after apply)
      + acl                         = (known after apply)
      + arn                         = (known after apply)
      + bucket                      = "ai-tf"
      + bucket_domain_name          = (known after apply)
      + bucket_prefix               = (known after apply)
      + bucket_region               = (known after apply)
      + bucket_regional_domain_name = (known after apply)
      + force_destroy               = true
      + hosted_zone_id              = (known after apply)
      + id                          = (known after apply)
      + object_lock_enabled         = (known after apply)
      + policy                      = (known after apply)
      + region                      = "us-east-1"
      + request_payer               = (known after apply)
      + tags                        = {
          + "Name" = "data-storage-bucket"
        }
      + tags_all                    = {
          + "Name" = "data-storage-bucket"
        }
      + website_domain              = (known after apply)
      + website_endpoint            = (known after apply)

      + cors_rule (known after apply)

      + grant (known after apply)

      + lifecycle_rule (known after apply)

      + logging (known after apply)

      + object_lock_configuration (known after apply)

      + replication_configuration (known after apply)

      + server_side_encryption_configuration (known after apply)

      + versioning (known after apply)

      + website (known after apply)
    }

  # aws_s3_bucket_public_access_block.dag will be created
  + resource "aws_s3_bucket_public_access_block" "dag" {
      + block_public_acls       = true
      + block_public_policy     = true
      + bucket                  = (known after apply)
      + id                      = (known after apply)
      + ignore_public_acls      = true
      + region                  = "us-east-1"
      + restrict_public_buckets = true
    }

  # aws_s3_bucket_public_access_block.data will be created
  + resource "aws_s3_bucket_public_access_block" "data" {
      + block_public_acls       = true
      + block_public_policy     = true
      + bucket                  = (known after apply)
      + id                      = (known after apply)
      + ignore_public_acls      = true
      + region                  = "us-east-1"
      + restrict_public_buckets = true
    }

  # aws_s3_bucket_server_side_encryption_configuration.dag will be created
  + resource "aws_s3_bucket_server_side_encryption_configuration" "dag" {
      + bucket = (known after apply)
      + id     = (known after apply)
      + region = "us-east-1"

      + rule {
          + blocked_encryption_types = []

          + apply_server_side_encryption_by_default {
              + sse_algorithm     = "AES256"
                # (1 unchanged attribute hidden)
            }
        }
    }

  # aws_s3_bucket_server_side_encryption_configuration.data will be created
  + resource "aws_s3_bucket_server_side_encryption_configuration" "data" {
      + bucket = (known after apply)
      + id     = (known after apply)
      + region = "us-east-1"

      + rule {
          + blocked_encryption_types = []

          + apply_server_side_encryption_by_default {
              + sse_algorithm     = "AES256"
                # (1 unchanged attribute hidden)
            }
        }
    }

  # aws_s3_bucket_versioning.dag will be created
  + resource "aws_s3_bucket_versioning" "dag" {
      + bucket = (known after apply)
      + id     = (known after apply)
      + region = "us-east-1"

      + versioning_configuration {
          + mfa_delete = (known after apply)
          + status     = "Enabled"
        }
    }

  # aws_s3_bucket_versioning.data will be created
  + resource "aws_s3_bucket_versioning" "data" {
      + bucket = (known after apply)
      + id     = (known after apply)
      + region = "us-east-1"

      + versioning_configuration {
          + mfa_delete = (known after apply)
          + status     = "Enabled"
        }
    }

  # aws_security_group.lambda will be created
  + resource "aws_security_group" "lambda" {
      + arn                    = (known after apply)
      + description            = "Security group for Lambda functions"
      + egress                 = [
          + {
              + cidr_blocks      = [
                  + "0.0.0.0/0",
                ]
              + from_port        = 0
              + ipv6_cidr_blocks = []
              + prefix_list_ids  = []
              + protocol         = "-1"
              + security_groups  = []
              + self             = false
              + to_port          = 0
                # (1 unchanged attribute hidden)
            },
        ]
      + id                     = (known after apply)
      + ingress                = [
          + {
              + cidr_blocks      = [
                  + "0.0.0.0/0",
                ]
              + from_port        = 0
              + ipv6_cidr_blocks = []
              + prefix_list_ids  = []
              + protocol         = "-1"
              + security_groups  = []
              + self             = false
              + to_port          = 0
                # (1 unchanged attribute hidden)
            },
        ]
      + name                   = "lambda-sg"
      + name_prefix            = (known after apply)
      + owner_id               = (known after apply)
      + region                 = "us-east-1"
      + revoke_rules_on_delete = false
      + tags                   = {
          + "Name" = "lambda-sg"
        }
      + tags_all               = {
          + "Name" = "lambda-sg"
        }
      + vpc_id                 = (known after apply)
    }

  # aws_security_group.mwaa will be created
  + resource "aws_security_group" "mwaa" {
      + arn                    = (known after apply)
      + description            = "Security group for MWAA"
      + egress                 = [
          + {
              + cidr_blocks      = [
                  + "0.0.0.0/0",
                ]
              + from_port        = 0
              + ipv6_cidr_blocks = []
              + prefix_list_ids  = []
              + protocol         = "-1"
              + security_groups  = []
              + self             = false
              + to_port          = 0
                # (1 unchanged attribute hidden)
            },
        ]
      + id                     = (known after apply)
      + ingress                = [
          + {
              + cidr_blocks      = [
                  + "0.0.0.0/0",
                ]
              + from_port        = 0
              + ipv6_cidr_blocks = []
              + prefix_list_ids  = []
              + protocol         = "-1"
              + security_groups  = []
              + self             = false
              + to_port          = 0
                # (1 unchanged attribute hidden)
            },
        ]
      + name                   = "mwaa-sg"
      + name_prefix            = (known after apply)
      + owner_id               = (known after apply)
      + region                 = "us-east-1"
      + revoke_rules_on_delete = false
      + tags                   = {
          + "Name" = "mwaa-sg"
        }
      + tags_all               = {
          + "Name" = "mwaa-sg"
        }
      + vpc_id                 = (known after apply)
    }

  # aws_subnet.private[0] will be created
  + resource "aws_subnet" "private" {
      + arn                                            = (known after apply)
      + assign_ipv6_address_on_creation                = false
      + availability_zone                              = "us-east-1a"
      + availability_zone_id                           = (known after apply)
      + cidr_block                                     = "10.0.101.0/24"
      + enable_dns64                                   = false
      + enable_resource_name_dns_a_record_on_launch    = false
      + enable_resource_name_dns_aaaa_record_on_launch = false
      + id                                             = (known after apply)
      + ipv6_cidr_block_association_id                 = (known after apply)
      + ipv6_native                                    = false
      + map_public_ip_on_launch                        = false
      + owner_id                                       = (known after apply)
      + private_dns_hostname_type_on_launch            = (known after apply)
      + region                                         = "us-east-1"
      + tags                                           = {
          + "Name" = "private-subnet-1"
        }
      + tags_all                                       = {
          + "Name" = "private-subnet-1"
        }
      + vpc_id                                         = (known after apply)
    }

  # aws_subnet.private[1] will be created
  + resource "aws_subnet" "private" {
      + arn                                            = (known after apply)
      + assign_ipv6_address_on_creation                = false
      + availability_zone                              = "us-east-1b"
      + availability_zone_id                           = (known after apply)
      + cidr_block                                     = "10.0.102.0/24"
      + enable_dns64                                   = false
      + enable_resource_name_dns_a_record_on_launch    = false
      + enable_resource_name_dns_aaaa_record_on_launch = false
      + id                                             = (known after apply)
      + ipv6_cidr_block_association_id                 = (known after apply)
      + ipv6_native                                    = false
      + map_public_ip_on_launch                        = false
      + owner_id                                       = (known after apply)
      + private_dns_hostname_type_on_launch            = (known after apply)
      + region                                         = "us-east-1"
      + tags                                           = {
          + "Name" = "private-subnet-2"
        }
      + tags_all                                       = {
          + "Name" = "private-subnet-2"
        }
      + vpc_id                                         = (known after apply)
    }

  # aws_subnet.public[0] will be created
  + resource "aws_subnet" "public" {
      + arn                                            = (known after apply)
      + assign_ipv6_address_on_creation                = false
      + availability_zone                              = "us-east-1a"
      + availability_zone_id                           = (known after apply)
      + cidr_block                                     = "10.0.1.0/24"
      + enable_dns64                                   = false
      + enable_resource_name_dns_a_record_on_launch    = false
      + enable_resource_name_dns_aaaa_record_on_launch = false
      + id                                             = (known after apply)
      + ipv6_cidr_block_association_id                 = (known after apply)
      + ipv6_native                                    = false
      + map_public_ip_on_launch                        = true
      + owner_id                                       = (known after apply)
      + private_dns_hostname_type_on_launch            = (known after apply)
      + region                                         = "us-east-1"
      + tags                                           = {
          + "Name" = "public-subnet-1"
        }
      + tags_all                                       = {
          + "Name" = "public-subnet-1"
        }
      + vpc_id                                         = (known after apply)
    }

  # aws_subnet.public[1] will be created
  + resource "aws_subnet" "public" {
      + arn                                            = (known after apply)
      + assign_ipv6_address_on_creation                = false
      + availability_zone                              = "us-east-1b"
      + availability_zone_id                           = (known after apply)
      + cidr_block                                     = "10.0.2.0/24"
      + enable_dns64                                   = false
      + enable_resource_name_dns_a_record_on_launch    = false
      + enable_resource_name_dns_aaaa_record_on_launch = false
      + id                                             = (known after apply)
      + ipv6_cidr_block_association_id                 = (known after apply)
      + ipv6_native                                    = false
      + map_public_ip_on_launch                        = true
      + owner_id                                       = (known after apply)
      + private_dns_hostname_type_on_launch            = (known after apply)
      + region                                         = "us-east-1"
      + tags                                           = {
          + "Name" = "public-subnet-2"
        }
      + tags_all                                       = {
          + "Name" = "public-subnet-2"
        }
      + vpc_id                                         = (known after apply)
    }

  # aws_vpc.main will be created
  + resource "aws_vpc" "main" {
      + arn                                  = (known after apply)
      + cidr_block                           = "10.0.0.0/16"
      + default_network_acl_id               = (known after apply)
      + default_route_table_id               = (known after apply)
      + default_security_group_id            = (known after apply)
      + dhcp_options_id                      = (known after apply)
      + enable_dns_hostnames                 = true
      + enable_dns_support                   = true
      + enable_network_address_usage_metrics = (known after apply)
      + id                                   = (known after apply)
      + instance_tenancy                     = "default"
      + ipv6_association_id                  = (known after apply)
      + ipv6_cidr_block                      = (known after apply)
      + ipv6_cidr_block_network_border_group = (known after apply)
      + main_route_table_id                  = (known after apply)
      + owner_id                             = (known after apply)
      + region                               = "us-east-1"
      + tags                                 = {
          + "Name" = "main-vpc"
        }
      + tags_all                             = {
          + "Name" = "main-vpc"
        }
    }

Plan: 35 to add, 0 to change, 0 to destroy.

Changes to Outputs:
  + dag_s3_bucket_arn    = (known after apply)
  + data_s3_bucket_arn   = (known after apply)
  + lambda_function_arn  = (known after apply)
  + mwaa_environment_arn = (known after apply)
  + private_subnet_ids   = [
      + (known after apply),
      + (known after apply),
    ]
  + public_subnet_ids    = [
      + (known after apply),
      + (known after apply),
    ]
  + vpc_id               = (known after apply)
aws_cloudwatch_log_group.lambda: Creating...
aws_iam_role.mwaa: Creating...
aws_vpc.main: Creating...
aws_iam_role.lambda: Creating...
aws_eip.nat: Creating...
aws_cloudwatch_log_group.mwaa: Creating...
aws_s3_bucket.dag: Creating...
aws_s3_bucket.data: Creating...
aws_eip.nat: Creation complete after 0s [id=eipalloc-c6fe580775962d5b0]
aws_iam_role.lambda: Creation complete after 0s [id=lambda-execution-role]
aws_iam_role.mwaa: Creation complete after 0s [id=mwaa-execution-role]
aws_cloudwatch_log_group.lambda: Creation complete after 0s [id=/aws/lambda/ai-tf]
aws_cloudwatch_log_group.mwaa: Creation complete after 0s [id=/aws/mwaa/main-mwaa-env]
aws_vpc.main: Still creating... [00m10s elapsed]
aws_vpc.main: Creation complete after 10s [id=vpc-fdfae70e7e33318a5]
aws_route_table.private: Creating...
aws_route_table.public: Creating...
aws_internet_gateway.main: Creating...
aws_subnet.public[0]: Creating...
aws_subnet.private[1]: Creating...
aws_subnet.public[1]: Creating...
aws_subnet.private[0]: Creating...
aws_security_group.lambda: Creating...
aws_security_group.mwaa: Creating...
aws_subnet.private[1]: Creation complete after 0s [id=subnet-8c5c6633d7b68119f]
aws_subnet.private[0]: Creation complete after 0s [id=subnet-80a55ec284bbc35c6]
aws_internet_gateway.main: Creation complete after 0s [id=igw-936917839c5c17743]
aws_route_table.public: Creation complete after 0s [id=rtb-9a8c57d7305a96e8e]
aws_route.public_internet_access: Creating...
aws_route_table.private: Creation complete after 0s [id=rtb-45cc40ceb06ab0d93]
aws_route_table_association.private[0]: Creating...
aws_route_table_association.private[1]: Creating...
aws_route_table_association.private[1]: Creation complete after 0s [id=rtbassoc-903f5a0ac9ce98c99]
aws_route_table_association.private[0]: Creation complete after 0s [id=rtbassoc-3b1c1809448176c89]
aws_route.public_internet_access: Creation complete after 0s [id=r-rtb-9a8c57d7305a96e8e1080289494]
aws_security_group.lambda: Creation complete after 0s [id=sg-69785dc33b70fbe9d]
aws_security_group.mwaa: Creation complete after 0s [id=sg-3c869cbdef310a48b]
aws_subnet.public[0]: Still creating... [00m10s elapsed]
aws_subnet.public[1]: Still creating... [00m10s elapsed]
aws_subnet.public[0]: Creation complete after 10s [id=subnet-90d7dd0e4eb136924]
aws_subnet.public[1]: Creation complete after 10s [id=subnet-084f448266a86b6ac]
aws_route_table_association.public[0]: Creating...
aws_route_table_association.public[1]: Creating...
aws_nat_gateway.main: Creating...
aws_route_table_association.public[1]: Creation complete after 0s [id=rtbassoc-18d491845d6f8ca15]
aws_route_table_association.public[0]: Creation complete after 0s [id=rtbassoc-94395ca592d13653a]
aws_nat_gateway.main: Creation complete after 0s [id=nat-af180ee794d184cf4]
aws_route.private_nat_gateway: Creating...
aws_route.private_nat_gateway: Creation complete after 0s [id=r-rtb-45cc40ceb06ab0d931080289494]
