{"format_version":"1.2","terraform_version":"1.13.5","variables":{"aws_region":{"value":"us-east-1"},"dag_s3_bucket_name":{"value":"ai-tf"},"data_s3_bucket_name":{"value":"ai-tf"},"lambda_function_name":{"value":"ai-tf"},"lambda_s3_bucket":{"value":"ai-tf-bucket"},"lambda_s3_key":{"value":"ai-tf.txt"},"private_subnet_cidrs":{"value":["10.0.101.0/24","10.0.102.0/24"]},"public_subnet_cidrs":{"value":["10.0.1.0/24","10.0.2.0/24"]},"vpc_cidr":{"value":"10.0.0.0/16"}},"planned_values":{"outputs":{"dag_s3_bucket_arn":{"sensitive":false},"data_s3_bucket_arn":{"sensitive":false},"lambda_function_arn":{"sensitive":false},"mwaa_environment_arn":{"sensitive":false},"private_subnet_ids":{"sensitive":false},"public_subnet_ids":{"sensitive":false},"vpc_id":{"sensitive":false}},"root_module":{"resources":[{"address":"aws_cloudtrail.main","mode":"managed","type":"aws_cloudtrail","name":"main","provider_name":"registry.terraform.io/hashicorp/aws","schema_version":1,"values":{"advanced_event_selector":[],"cloud_watch_logs_group_arn":null,"cloud_watch_logs_role_arn":null,"enable_log_file_validation":true,"enable_logging":true,"event_selector":[{"data_resource":[],"exclude_management_event_sources":null,"include_management_events":true,"read_write_type":"All"}],"include_global_service_events":true,"insight_selector":[],"is_multi_region_trail":false,"is_organization_trail":false,"kms_key_id":null,"name":"main-cloudtrail","region":"us-east-1","s3_bucket_name":"ai-tf","s3_key_prefix":null,"sns_topic_name":null,"tags":null},"sensitive_values":{"advanced_event_selector":[],"event_selector":[{"data_resource":[]}],"insight_selector":[],"tags_all":{}},"identity_schema_version":0,"identity":{"arn":null}},{"address":"aws_cloudwatch_log_group.lambda","mode":"managed","type":"aws_cloudwatch_log_group","name":"lambda","provider_name":"registry.terraform.io/hashicorp/aws","schema_version":0,"values":{"kms_key_id":null,"name":"/aws/lambda/ai-tf","region":"us-east-1","retention_in_days":14,"skip_destroy":false,"tags":null},"sensitive_values":{"tags_all":{}},"identity_schema_version":0,"identity":{"account_id":null,"name":null,"region":null}},{"address":"aws_cloudwatch_log_group.mwaa","mode":"managed","type":"aws_cloudwatch_log_group","name":"mwaa","provider_name":"registry.terraform.io/hashicorp/aws","schema_version":0,"values":{"kms_key_id":null,"name":"/aws/mwaa/main-mwaa-env","region":"us-east-1","retention_in_days":14,"skip_destroy":false,"tags":null},"sensitive_values":{"tags_all":{}},"identity_schema_version":0,"identity":{"account_id":null,"name":null,"region":null}},{"address":"aws_eip.nat","mode":"managed","type":"aws_eip","name":"nat","provider_name":"registry.terraform.io/hashicorp/aws","schema_version":0,"values":{"address":null,"associate_with_private_ip":null,"customer_owned_ipv4_pool":null,"domain":"vpc","region":"us-east-1","tags":null,"timeouts":null},"sensitive_values":{"tags_all":{}}},{"address":"aws_iam_role.lambda","mode":"managed","type":"aws_iam_role","name":"lambda","provider_name":"registry.terraform.io/hashicorp/aws","schema_version":0,"values":{"assume_role_policy":"{\"Statement\":[{\"Action\":\"sts:AssumeRole\",\"Effect\":\"Allow\",\"Principal\":{\"Service\":\"lambda.amazonaws.com\"}}],\"Version\":\"2012-10-17\"}","description":null,"force_detach_policies":false,"max_session_duration":3600,"name":"lambda-execution-role","path":"/","permissions_boundary":null,"tags":null},"sensitive_values":{"inline_policy":[],"managed_policy_arns":[],"tags_all":{}},"identity_schema_version":0,"identity":{"account_id":null,"name":null}},{"address":"aws_iam_role.mwaa","mode":"managed","type":"aws_iam_role","name":"mwaa","provider_name":"registry.terraform.io/hashicorp/aws","schema_version":0,"values":{"assume_role_policy":"{\"Statement\":[{\"Action\":\"sts:AssumeRole\",\"Effect\":\"Allow\",\"Principal\":{\"Service\":\"airflow.amazonaws.com\"}}],\"Version\":\"2012-10-17\"}","description":null,"force_detach_policies":false,"max_session_duration":3600,"name":"mwaa-execution-role","path":"/","permissions_boundary":null,"tags":null},"sensitive_values":{"inline_policy":[],"managed_policy_arns":[],"tags_all":{}},"identity_schema_version":0,"identity":{"account_id":null,"name":null}},{"address":"aws_iam_role_policy.lambda_policy","mode":"managed","type":"aws_iam_role_policy","name":"lambda_policy","provider_name":"registry.terraform.io/hashicorp/aws","schema_version":0,"values":{"name":"lambda-inline-policy"},"sensitive_values":{},"identity_schema_version":0,"identity":{"account_id":null,"name":null,"role":null}},{"address":"aws_iam_role_policy.mwaa_policy","mode":"managed","type":"aws_iam_role_policy","name":"mwaa_policy","provider_name":"registry.terraform.io/hashicorp/aws","schema_version":0,"values":{"name":"mwaa-inline-policy"},"sensitive_values":{},"identity_schema_version":0,"identity":{"account_id":null,"name":null,"role":null}},{"address":"aws_internet_gateway.main","mode":"managed","type":"aws_internet_gateway","name":"main","provider_name":"registry.terraform.io/hashicorp/aws","schema_version":0,"values":{"region":"us-east-1","tags":{"Name":"main-igw"},"tags_all":{"Name":"main-igw"},"timeouts":null},"sensitive_values":{"tags":{},"tags_all":{}}},{"address":"aws_lambda_function.trigger_dag","mode":"managed","type":"aws_lambda_function","name":"trigger_dag","provider_name":"registry.terraform.io/hashicorp/aws","schema_version":0,"values":{"capacity_provider_config":[],"code_signing_config_arn":null,"dead_letter_config":[],"description":null,"durable_config":[],"environment":[{"variables":{"DAG_BUCKET":"ai-tf","DATA_BUCKET":"ai-tf"}}],"file_system_config":[],"filename":null,"function_name":"ai-tf","handler":"index.handler","image_config":[],"image_uri":null,"kms_key_arn":null,"layers":null,"memory_size":128,"package_type":"Zip","publish":false,"publish_to":null,"region":"us-east-1","replace_security_groups_on_destroy":null,"replacement_security_group_ids":null,"reserved_concurrent_executions":-1,"runtime":"python3.9","s3_bucket":"ai-tf-bucket","s3_key":"ai-tf.txt","s3_object_version":null,"skip_destroy":false,"snap_start":[],"source_kms_key_arn":null,"tags":null,"tenancy_config":[],"timeout":60,"timeouts":null,"vpc_config":[{"ipv6_allowed_for_dual_stack":false}]},"sensitive_values":{"architectures":[],"capacity_provider_config":[],"dead_letter_config":[],"durable_config":[],"environment":[{"variables":{}}],"ephemeral_storage":[],"file_system_config":[],"image_config":[],"logging_config":[],"snap_start":[],"tags_all":{},"tenancy_config":[],"tracing_config":[],"vpc_config":[{"security_group_ids":[],"subnet_ids":[]}]},"identity_schema_version":0,"identity":{"account_id":null,"function_name":null,"region":null}},{"address":"aws_mwaa_environment.main","mode":"managed","type":"aws_mwaa_environment","name":"main","provider_name":"registry.terraform.io/hashicorp/aws","schema_version":0,"values":{"airflow_configuration_options":{"core.load_examples":"False"},"airflow_version":"2.6.3","dag_s3_path":"/","environment_class":"mw1.small","kms_key":null,"logging_configuration":[{"dag_processing_logs":[{"enabled":true,"log_level":"INFO"}],"scheduler_logs":[{"enabled":true,"log_level":"INFO"}],"task_logs":[{"enabled":true,"log_level":"INFO"}],"webserver_logs":[{"enabled":true,"log_level":"INFO"}],"worker_logs":[{"enabled":true,"log_level":"INFO"}]}],"max_workers":2,"min_workers":1,"name":"main-mwaa-env","network_configuration":[{}],"plugins_s3_path":null,"region":"us-east-1","requirements_s3_path":"requirements.txt","startup_script_s3_path":null,"tags":null,"timeouts":null,"webserver_access_mode":"PUBLIC_ONLY"},"sensitive_values":{"airflow_configuration_options":true,"last_updated":[],"logging_configuration":[{"dag_processing_logs":[{}],"scheduler_logs":[{}],"task_logs":[{}],"webserver_logs":[{}],"worker_logs":[{}]}],"network_configuration":[{"security_group_ids":[],"subnet_ids":[]}],"tags_all":{}}},{"address":"aws_nat_gateway.main","mode":"managed","type":"aws_nat_gateway","name":"main","provider_name":"registry.terraform.io/hashicorp/aws","schema_version":0,"values":{"availability_zone_address":[],"connectivity_type":"public","region":"us-east-1","tags":{"Name":"main-nat-gw"},"tags_all":{"Name":"main-nat-gw"},"timeouts":null},"sensitive_values":{"availability_zone_address":[],"regional_nat_gateway_address":[],"secondary_allocation_ids":[],"secondary_private_ip_addresses":[],"tags":{},"tags_all":{}}},{"address":"aws_route.private_nat_gateway","mode":"managed","type":"aws_route","name":"private_nat_gateway","provider_name":"registry.terraform.io/hashicorp/aws","schema_version":0,"values":{"carrier_gateway_id":null,"core_network_arn":null,"destination_cidr_block":"0.0.0.0/0","destination_ipv6_cidr_block":null,"destination_prefix_list_id":null,"egress_only_gateway_id":null,"gateway_id":null,"local_gateway_id":null,"region":"us-east-1","timeouts":null,"transit_gateway_id":null,"vpc_endpoint_id":null,"vpc_peering_connection_id":null},"sensitive_values":{},"identity_schema_version":0,"identity":{"account_id":null,"destination_cidr_block":null,"destination_ipv6_cidr_block":null,"destination_prefix_list_id":null,"region":null,"route_table_id":null}},{"address":"aws_route.public_internet_access","mode":"managed","type":"aws_route","name":"public_internet_access","provider_name":"registry.terraform.io/hashicorp/aws","schema_version":0,"values":{"carrier_gateway_id":null,"core_network_arn":null,"destination_cidr_block":"0.0.0.0/0","destination_ipv6_cidr_block":null,"destination_prefix_list_id":null,"egress_only_gateway_id":null,"local_gateway_id":null,"nat_gateway_id":null,"region":"us-east-1","timeouts":null,"transit_gateway_id":null,"vpc_endpoint_id":null,"vpc_peering_connection_id":null},"sensitive_values":{},"identity_schema_version":0,"identity":{"account_id":null,"destination_cidr_block":null,"destination_ipv6_cidr_block":null,"destination_prefix_list_id":null,"region":null,"route_table_id":null}},{"address":"aws_route_table.private","mode":"managed","type":"aws_route_table","name":"private","provider_name":"registry.terraform.io/hashicorp/aws","schema_version":0,"values":{"region":"us-east-1","tags":{"Name":"private-rt"},"tags_all":{"Name":"private-rt"},"timeouts":null},"sensitive_values":{"propagating_vgws":[],"route":[],"tags":{},"tags_all":{}},"identity_schema_version":0,"identity":{"account_id":null,"id":null,"region":null}},{"address":"aws_route_table.public","mode":"managed","type":"aws_route_table","name":"public","provider_name":"registry.terraform.io/hashicorp/aws","schema_version":0,"values":{"region":"us-east-1","tags":{"Name":"public-rt"},"tags_all":{"Name":"public-rt"},"timeouts":null},"sensitive_values":{"propagating_vgws":[],"route":[],"tags":{},"tags_all":{}},"identity_schema_version":0,"identity":{"account_id":null,"id":null,"region":null}},{"address":"aws_route_table_association.private[0]","mode":"managed","type":"aws_route_table_association","name":"private","index":0,"provider_name":"registry.terraform.io/hashicorp/aws","schema_version":0,"values":{"gateway_id":null,"region":"us-east-1","timeouts":null},"sensitive_values":{}},{"address":"aws_route_table_association.private[1]","mode":"managed","type":"aws_route_table_association","name":"private","index":1,"provider_name":"registry.terraform.io/hashicorp/aws","schema_version":0,"values":{"gateway_id":null,"region":"us-east-1","timeouts":null},"sensitive_values":{}},{"address":"aws_route_table_association.public[0]","mode":"managed","type":"aws_route_table_association","name":"public","index":0,"provider_name":"registry.terraform.io/hashicorp/aws","schema_version":0,"values":{"gateway_id":null,"region":"us-east-1","timeouts":null},"sensitive_values":{}},{"address":"aws_route_table_association.public[1]","mode":"managed","type":"aws_route_table_association","name":"public","index":1,"provider_name":"registry.terraform.io/hashicorp/aws","schema_version":0,"values":{"gateway_id":null,"region":"us-east-1","timeouts":null},"sensitive_values":{}},{"address":"aws_s3_bucket.dag","mode":"managed","type":"aws_s3_bucket","name":"dag","provider_name":"registry.terraform.io/hashicorp/aws","schema_version":0,"values":{"bucket":"ai-tf","force_destroy":true,"region":"us-east-1","tags":{"Name":"airflow-dags-bucket"},"tags_all":{"Name":"airflow-dags-bucket"},"timeouts":null},"sensitive_values":{"cors_rule":[],"grant":[],"lifecycle_rule":[],"logging":[],"object_lock_configuration":[],"replication_configuration":[],"server_side_encryption_configuration":[],"tags":{},"tags_all":{},"versioning":[],"website":[]},"identity_schema_version":0,"identity":{"account_id":null,"bucket":null,"region":null}},{"address":"aws_s3_bucket.data","mode":"managed","type":"aws_s3_bucket","name":"data","provider_name":"registry.terraform.io/hashicorp/aws","schema_version":0,"values":{"bucket":"ai-tf","force_destroy":true,"region":"us-east-1","tags":{"Name":"data-storage-bucket"},"tags_all":{"Name":"data-storage-bucket"},"timeouts":null},"sensitive_values":{"cors_rule":[],"grant":[],"lifecycle_rule":[],"logging":[],"object_lock_configuration":[],"replication_configuration":[],"server_side_encryption_configuration":[],"tags":{},"tags_all":{},"versioning":[],"website":[]},"identity_schema_version":0,"identity":{"account_id":null,"bucket":null,"region":null}},{"address":"aws_s3_bucket_public_access_block.dag","mode":"managed","type":"aws_s3_bucket_public_access_block","name":"dag","provider_name":"registry.terraform.io/hashicorp/aws","schema_version":0,"values":{"block_public_acls":true,"block_public_policy":true,"ignore_public_acls":true,"region":"us-east-1","restrict_public_buckets":true,"skip_destroy":null},"sensitive_values":{},"identity_schema_version":0,"identity":{"account_id":null,"bucket":null,"region":null}},{"address":"aws_s3_bucket_public_access_block.data","mode":"managed","type":"aws_s3_bucket_public_access_block","name":"data","provider_name":"registry.terraform.io/hashicorp/aws","schema_version":0,"values":{"block_public_acls":true,"block_public_policy":true,"ignore_public_acls":true,"region":"us-east-1","restrict_public_buckets":true,"skip_destroy":null},"sensitive_values":{},"identity_schema_version":0,"identity":{"account_id":null,"bucket":null,"region":null}},{"address":"aws_s3_bucket_server_side_encryption_configuration.dag","mode":"managed","type":"aws_s3_bucket_server_side_encryption_configuration","name":"dag","provider_name":"registry.terraform.io/hashicorp/aws","schema_version":0,"values":{"expected_bucket_owner":null,"region":"us-east-1","rule":[{"apply_server_side_encryption_by_default":[{"kms_master_key_id":"","sse_algorithm":"AES256"}],"blocked_encryption_types":[],"bucket_key_enabled":null}]},"sensitive_values":{"rule":[{"apply_server_side_encryption_by_default":[{}],"blocked_encryption_types":[]}]},"identity_schema_version":0,"identity":{"account_id":null,"bucket":null,"expected_bucket_owner":null,"region":null}},{"address":"aws_s3_bucket_server_side_encryption_configuration.data","mode":"managed","type":"aws_s3_bucket_server_side_encryption_configuration","name":"data","provider_name":"registry.terraform.io/hashicorp/aws","schema_version":0,"values":{"expected_bucket_owner":null,"region":"us-east-1","rule":[{"apply_server_side_encryption_by_default":[{"kms_master_key_id":"","sse_algorithm":"AES256"}],"blocked_encryption_types":[],"bucket_key_enabled":null}]},"sensitive_values":{"rule":[{"apply_server_side_encryption_by_default":[{}],"blocked_encryption_types":[]}]},"identity_schema_version":0,"identity":{"account_id":null,"bucket":null,"expected_bucket_owner":null,"region":null}},{"address":"aws_s3_bucket_versioning.dag","mode":"managed","type":"aws_s3_bucket_versioning","name":"dag","provider_name":"registry.terraform.io/hashicorp/aws","schema_version":0,"values":{"expected_bucket_owner":null,"mfa":null,"region":"us-east-1","versioning_configuration":[{"status":"Enabled"}]},"sensitive_values":{"versioning_configuration":[{}]},"identity_schema_version":0,"identity":{"account_id":null,"bucket":null,"expected_bucket_owner":null,"region":null}},{"address":"aws_s3_bucket_versioning.data","mode":"managed","type":"aws_s3_bucket_versioning","name":"data","provider_name":"registry.terraform.io/hashicorp/aws","schema_version":0,"values":{"expected_bucket_owner":null,"mfa":null,"region":"us-east-1","versioning_configuration":[{"status":"Enabled"}]},"sensitive_values":{"versioning_configuration":[{}]},"identity_schema_version":0,"identity":{"account_id":null,"bucket":null,"expected_bucket_owner":null,"region":null}},{"address":"aws_security_group.lambda","mode":"managed","type":"aws_security_group","name":"lambda","provider_name":"registry.terraform.io/hashicorp/aws","schema_version":1,"values":{"description":"Security group for Lambda functions","egress":[{"cidr_blocks":["0.0.0.0/0"],"description":"","from_port":0,"ipv6_cidr_blocks":[],"prefix_list_ids":[],"protocol":"-1","security_groups":[],"self":false,"to_port":0}],"ingress":[{"cidr_blocks":["0.0.0.0/0"],"description":"","from_port":0,"ipv6_cidr_blocks":[],"prefix_list_ids":[],"protocol":"-1","security_groups":[],"self":false,"to_port":0}],"name":"lambda-sg","region":"us-east-1","revoke_rules_on_delete":false,"tags":{"Name":"lambda-sg"},"tags_all":{"Name":"lambda-sg"},"timeouts":null},"sensitive_values":{"egress":[{"cidr_blocks":[false],"ipv6_cidr_blocks":[],"prefix_list_ids":[],"security_groups":[]}],"ingress":[{"cidr_blocks":[false],"ipv6_cidr_blocks":[],"prefix_list_ids":[],"security_groups":[]}],"tags":{},"tags_all":{}},"identity_schema_version":0,"identity":{"account_id":null,"id":null,"region":null}},{"address":"aws_security_group.mwaa","mode":"managed","type":"aws_security_group","name":"mwaa","provider_name":"registry.terraform.io/hashicorp/aws","schema_version":1,"values":{"description":"Security group for MWAA","egress":[{"cidr_blocks":["0.0.0.0/0"],"description":"","from_port":0,"ipv6_cidr_blocks":[],"prefix_list_ids":[],"protocol":"-1","security_groups":[],"self":false,"to_port":0}],"ingress":[{"cidr_blocks":["0.0.0.0/0"],"description":"","from_port":0,"ipv6_cidr_blocks":[],"prefix_list_ids":[],"protocol":"-1","security_groups":[],"self":false,"to_port":0}],"name":"mwaa-sg","region":"us-east-1","revoke_rules_on_delete":false,"tags":{"Name":"mwaa-sg"},"tags_all":{"Name":"mwaa-sg"},"timeouts":null},"sensitive_values":{"egress":[{"cidr_blocks":[false],"ipv6_cidr_blocks":[],"prefix_list_ids":[],"security_groups":[]}],"ingress":[{"cidr_blocks":[false],"ipv6_cidr_blocks":[],"prefix_list_ids":[],"security_groups":[]}],"tags":{},"tags_all":{}},"identity_schema_version":0,"identity":{"account_id":null,"id":null,"region":null}},{"address":"aws_subnet.private[0]","mode":"managed","type":"aws_subnet","name":"private","index":0,"provider_name":"registry.terraform.io/hashicorp/aws","schema_version":1,"values":{"assign_ipv6_address_on_creation":false,"availability_zone":"us-east-1a","cidr_block":"10.0.101.0/24","customer_owned_ipv4_pool":null,"enable_dns64":false,"enable_lni_at_device_index":null,"enable_resource_name_dns_a_record_on_launch":false,"enable_resource_name_dns_aaaa_record_on_launch":false,"ipv6_cidr_block":null,"ipv6_native":false,"map_customer_owned_ip_on_launch":null,"map_public_ip_on_launch":false,"outpost_arn":null,"region":"us-east-1","tags":{"Name":"private-subnet-1"},"tags_all":{"Name":"private-subnet-1"},"timeouts":null},"sensitive_values":{"tags":{},"tags_all":{}},"identity_schema_version":0,"identity":{"account_id":null,"id":null,"region":null}},{"address":"aws_subnet.private[1]","mode":"managed","type":"aws_subnet","name":"private","index":1,"provider_name":"registry.terraform.io/hashicorp/aws","schema_version":1,"values":{"assign_ipv6_address_on_creation":false,"availability_zone":"us-east-1b","cidr_block":"10.0.102.0/24","customer_owned_ipv4_pool":null,"enable_dns64":false,"enable_lni_at_device_index":null,"enable_resource_name_dns_a_record_on_launch":false,"enable_resource_name_dns_aaaa_record_on_launch":false,"ipv6_cidr_block":null,"ipv6_native":false,"map_customer_owned_ip_on_launch":null,"map_public_ip_on_launch":false,"outpost_arn":null,"region":"us-east-1","tags":{"Name":"private-subnet-2"},"tags_all":{"Name":"private-subnet-2"},"timeouts":null},"sensitive_values":{"tags":{},"tags_all":{}},"identity_schema_version":0,"identity":{"account_id":null,"id":null,"region":null}},{"address":"aws_subnet.public[0]","mode":"managed","type":"aws_subnet","name":"public","index":0,"provider_name":"registry.terraform.io/hashicorp/aws","schema_version":1,"values":{"assign_ipv6_address_on_creation":false,"availability_zone":"us-east-1a","cidr_block":"10.0.1.0/24","customer_owned_ipv4_pool":null,"enable_dns64":false,"enable_lni_at_device_index":null,"enable_resource_name_dns_a_record_on_launch":false,"enable_resource_name_dns_aaaa_record_on_launch":false,"ipv6_cidr_block":null,"ipv6_native":false,"map_customer_owned_ip_on_launch":null,"map_public_ip_on_launch":true,"outpost_arn":null,"region":"us-east-1","tags":{"Name":"public-subnet-1"},"tags_all":{"Name":"public-subnet-1"},"timeouts":null},"sensitive_values":{"tags":{},"tags_all":{}},"identity_schema_version":0,"identity":{"account_id":null,"id":null,"region":null}},{"address":"aws_subnet.public[1]","mode":"managed","type":"aws_subnet","name":"public","index":1,"provider_name":"registry.terraform.io/hashicorp/aws","schema_version":1,"values":{"assign_ipv6_address_on_creation":false,"availability_zone":"us-east-1b","cidr_block":"10.0.2.0/24","customer_owned_ipv4_pool":null,"enable_dns64":false,"enable_lni_at_device_index":null,"enable_resource_name_dns_a_record_on_launch":false,"enable_resource_name_dns_aaaa_record_on_launch":false,"ipv6_cidr_block":null,"ipv6_native":false,"map_customer_owned_ip_on_launch":null,"map_public_ip_on_launch":true,"outpost_arn":null,"region":"us-east-1","tags":{"Name":"public-subnet-2"},"tags_all":{"Name":"public-subnet-2"},"timeouts":null},"sensitive_values":{"tags":{},"tags_all":{}},"identity_schema_version":0,"identity":{"account_id":null,"id":null,"region":null}},{"address":"aws_vpc.main","mode":"managed","type":"aws_vpc","name":"main","provider_name":"registry.terraform.io/hashicorp/aws","schema_version":1,"values":{"assign_generated_ipv6_cidr_block":null,"cidr_block":"10.0.0.0/16","enable_dns_hostnames":true,"enable_dns_support":true,"instance_tenancy":"default","ipv4_ipam_pool_id":null,"ipv4_netmask_length":null,"ipv6_ipam_pool_id":null,"ipv6_netmask_length":null,"region":"us-east-1","tags":{"Name":"main-vpc"},"tags_all":{"Name":"main-vpc"}},"sensitive_values":{"tags":{},"tags_all":{}},"identity_schema_version":0,"identity":{"account_id":null,"id":null,"region":null}},{"address":"data.aws_iam_policy_document.lambda_policy","mode":"data","type":"aws_iam_policy_document","name":"lambda_policy","provider_name":"registry.terraform.io/hashicorp/aws","schema_version":0,"values":{"override_json":null,"override_policy_documents":null,"policy_id":null,"source_json":null,"source_policy_documents":null,"statement":[{"actions":["logs:CreateLogGroup","logs:CreateLogStream","logs:PutLogEvents","s3:GetObject","s3:ListBucket","s3:PutObject"],"condition":[],"effect":null,"not_actions":null,"not_principals":[],"not_resources":null,"principals":[],"resources":[null,null,null,null],"sid":null},{"actions":["airflow:GetEnvironment","airflow:ListEnvironments","airflow:PublishMetrics"],"condition":[],"effect":null,"not_actions":null,"not_principals":[],"not_resources":null,"principals":[],"resources":["*"],"sid":null}],"version":null},"sensitive_values":{"statement":[{"actions":[false,false,false,false,false,false],"condition":[],"not_principals":[],"principals":[],"resources":[false,false,false,false]},{"actions":[false,false,false],"condition":[],"not_principals":[],"principals":[],"resources":[false]}]}},{"address":"data.aws_iam_policy_document.mwaa_policy","mode":"data","type":"aws_iam_policy_document","name":"mwaa_policy","provider_name":"registry.terraform.io/hashicorp/aws","schema_version":0,"values":{"override_json":null,"override_policy_documents":null,"policy_id":null,"source_json":null,"source_policy_documents":null,"statement":[{"actions":["lambda:InvokeFunction","logs:CreateLogGroup","logs:CreateLogStream","logs:PutLogEvents","s3:GetObject","s3:ListBucket"],"condition":[],"effect":null,"not_actions":null,"not_principals":[],"not_resources":null,"principals":[],"resources":[null,null,null,null,null],"sid":null}],"version":null},"sensitive_values":{"statement":[{"actions":[false,false,false,false,false,false],"condition":[],"not_principals":[],"principals":[],"resources":[false,false,false,false,false]}]}}]}},"resource_changes":[{"address":"data.aws_iam_policy_document.lambda_policy","mode":"data","type":"aws_iam_policy_document","name":"lambda_policy","provider_name":"registry.terraform.io/hashicorp/aws","change":{"actions":["read"],"before":null,"after":{"override_json":null,"override_policy_documents":null,"policy_id":null,"source_json":null,"source_policy_documents":null,"statement":[{"actions":["logs:CreateLogGroup","logs:CreateLogStream","logs:PutLogEvents","s3:GetObject","s3:ListBucket","s3:PutObject"],"condition":[],"effect":null,"not_actions":null,"not_principals":[],"not_resources":null,"principals":[],"resources":[null,null,null,null],"sid":null},{"actions":["airflow:GetEnvironment","airflow:ListEnvironments","airflow:PublishMetrics"],"condition":[],"effect":null,"not_actions":null,"not_principals":[],"not_resources":null,"principals":[],"resources":["*"],"sid":null}],"version":null},"after_unknown":{"id":true,"json":true,"minified_json":true,"statement":[{"actions":[false,false,false,false,false,false],"condition":[],"not_principals":[],"principals":[],"resources":[true,true,true,true]},{"actions":[false,false,false],"condition":[],"not_principals":[],"principals":[],"resources":[false]}]},"before_sensitive":false,"after_sensitive":{"statement":[{"actions":[false,false,false,false,false,false],"condition":[],"not_principals":[],"principals":[],"resources":[false,false,false,false]},{"actions":[false,false,false],"condition":[],"not_principals":[],"principals":[],"resources":[false]}]}},"action_reason":"read_because_config_unknown"},{"address":"data.aws_iam_policy_document.mwaa_policy","mode":"data","type":"aws_iam_policy_document","name":"mwaa_policy","provider_name":"registry.terraform.io/hashicorp/aws","change":{"actions":["read"],"before":null,"after":{"override_json":null,"override_policy_documents":null,"policy_id":null,"source_json":null,"source_policy_documents":null,"statement":[{"actions":["lambda:InvokeFunction","logs:CreateLogGroup","logs:CreateLogStream","logs:PutLogEvents","s3:GetObject","s3:ListBucket"],"condition":[],"effect":null,"not_actions":null,"not_principals":[],"not_resources":null,"principals":[],"resources":[null,null,null,null,null],"sid":null}],"version":null},"after_unknown":{"id":true,"json":true,"minified_json":true,"statement":[{"actions":[false,false,false,false,false,false],"condition":[],"not_principals":[],"principals":[],"resources":[true,true,true,true,true]}]},"before_sensitive":false,"after_sensitive":{"statement":[{"actions":[false,false,false,false,false,false],"condition":[],"not_principals":[],"principals":[],"resources":[false,false,false,false,false]}]}},"action_reason":"read_because_config_unknown"},{"address":"aws_cloudtrail.main","mode":"managed","type":"aws_cloudtrail","name":"main","provider_name":"registry.terraform.io/hashicorp/aws","change":{"actions":["create"],"before":null,"after":{"advanced_event_selector":[],"cloud_watch_logs_group_arn":null,"cloud_watch_logs_role_arn":null,"enable_log_file_validation":true,"enable_logging":true,"event_selector":[{"data_resource":[],"exclude_management_event_sources":null,"include_management_events":true,"read_write_type":"All"}],"include_global_service_events":true,"insight_selector":[],"is_multi_region_trail":false,"is_organization_trail":false,"kms_key_id":null,"name":"main-cloudtrail","region":"us-east-1","s3_bucket_name":"ai-tf","s3_key_prefix":null,"sns_topic_name":null,"tags":null},"after_unknown":{"advanced_event_selector":[],"arn":true,"event_selector":[{"data_resource":[]}],"home_region":true,"id":true,"insight_selector":[],"sns_topic_arn":true,"tags_all":true},"before_sensitive":false,"after_sensitive":{"advanced_event_selector":[],"event_selector":[{"data_resource":[]}],"insight_selector":[],"tags_all":{}},"after_identity":{"arn":null}}},{"address":"aws_cloudwatch_log_group.lambda","mode":"managed","type":"aws_cloudwatch_log_group","name":"lambda","provider_name":"registry.terraform.io/hashicorp/aws","change":{"actions":["create"],"before":null,"after":{"kms_key_id":null,"name":"/aws/lambda/ai-tf","region":"us-east-1","retention_in_days":14,"skip_destroy":false,"tags":null},"after_unknown":{"arn":true,"deletion_protection_enabled":true,"id":true,"log_group_class":true,"name_prefix":true,"tags_all":true},"before_sensitive":false,"after_sensitive":{"tags_all":{}},"after_identity":{"account_id":null,"name":null,"region":null}}},{"address":"aws_cloudwatch_log_group.mwaa","mode":"managed","type":"aws_cloudwatch_log_group","name":"mwaa","provider_name":"registry.terraform.io/hashicorp/aws","change":{"actions":["create"],"before":null,"after":{"kms_key_id":null,"name":"/aws/mwaa/main-mwaa-env","region":"us-east-1","retention_in_days":14,"skip_destroy":false,"tags":null},"after_unknown":{"arn":true,"deletion_protection_enabled":true,"id":true,"log_group_class":true,"name_prefix":true,"tags_all":true},"before_sensitive":false,"after_sensitive":{"tags_all":{}},"after_identity":{"account_id":null,"name":null,"region":null}}},{"address":"aws_eip.nat","mode":"managed","type":"aws_eip","name":"nat","provider_name":"registry.terraform.io/hashicorp/aws","change":{"actions":["create"],"before":null,"after":{"address":null,"associate_with_private_ip":null,"customer_owned_ipv4_pool":null,"domain":"vpc","region":"us-east-1","tags":null,"timeouts":null},"after_unknown":{"allocation_id":true,"arn":true,"association_id":true,"carrier_ip":true,"customer_owned_ip":true,"id":true,"instance":true,"ipam_pool_id":true,"network_border_group":true,"network_interface":true,"private_dns":true,"private_ip":true,"ptr_record":true,"public_dns":true,"public_ip":true,"public_ipv4_pool":true,"tags_all":true},"before_sensitive":false,"after_sensitive":{"tags_all":{}}}},{"address":"aws_iam_role.lambda","mode":"managed","type":"aws_iam_role","name":"lambda","provider_name":"registry.terraform.io/hashicorp/aws","change":{"actions":["create"],"before":null,"after":{"assume_role_policy":"{\"Statement\":[{\"Action\":\"sts:AssumeRole\",\"Effect\":\"Allow\",\"Principal\":{\"Service\":\"lambda.amazonaws.com\"}}],\"Version\":\"2012-10-17\"}","description":null,"force_detach_policies":false,"max_session_duration":3600,"name":"lambda-execution-role","path":"/","permissions_boundary":null,"tags":null},"after_unknown":{"arn":true,"create_date":true,"id":true,"inline_policy":true,"managed_policy_arns":true,"name_prefix":true,"tags_all":true,"unique_id":true},"before_sensitive":false,"after_sensitive":{"inline_policy":[],"managed_policy_arns":[],"tags_all":{}},"after_identity":{"account_id":null,"name":null}}},{"address":"aws_iam_role.mwaa","mode":"managed","type":"aws_iam_role","name":"mwaa","provider_name":"registry.terraform.io/hashicorp/aws","change":{"actions":["create"],"before":null,"after":{"assume_role_policy":"{\"Statement\":[{\"Action\":\"sts:AssumeRole\",\"Effect\":\"Allow\",\"Principal\":{\"Service\":\"airflow.amazonaws.com\"}}],\"Version\":\"2012-10-17\"}","description":null,"force_detach_policies":false,"max_session_duration":3600,"name":"mwaa-execution-role","path":"/","permissions_boundary":null,"tags":null},"after_unknown":{"arn":true,"create_date":true,"id":true,"inline_policy":true,"managed_policy_arns":true,"name_prefix":true,"tags_all":true,"unique_id":true},"before_sensitive":false,"after_sensitive":{"inline_policy":[],"managed_policy_arns":[],"tags_all":{}},"after_identity":{"account_id":null,"name":null}}},{"address":"aws_iam_role_policy.lambda_policy","mode":"managed","type":"aws_iam_role_policy","name":"lambda_policy","provider_name":"registry.terraform.io/hashicorp/aws","change":{"actions":["create"],"before":null,"after":{"name":"lambda-inline-policy"},"after_unknown":{"id":true,"name_prefix":true,"policy":true,"role":true},"before_sensitive":false,"after_sensitive":{},"after_identity":{"account_id":null,"name":null,"role":null}}},{"address":"aws_iam_role_policy.mwaa_policy","mode":"managed","type":"aws_iam_role_policy","name":"mwaa_policy","provider_name":"registry.terraform.io/hashicorp/aws","change":{"actions":["create"],"before":null,"after":{"name":"mwaa-inline-policy"},"after_unknown":{"id":true,"name_prefix":true,"policy":true,"role":true},"before_sensitive":false,"after_sensitive":{},"after_identity":{"account_id":null,"name":null,"role":null}}},{"address":"aws_internet_gateway.main","mode":"managed","type":"aws_internet_gateway","name":"main","provider_name":"registry.terraform.io/hashicorp/aws","change":{"actions":["create"],"before":null,"after":{"region":"us-east-1","tags":{"Name":"main-igw"},"tags_all":{"Name":"main-igw"},"timeouts":null},"after_unknown":{"arn":true,"id":true,"owner_id":true,"tags":{},"tags_all":{},"vpc_id":true},"before_sensitive":false,"after_sensitive":{"tags":{},"tags_all":{}}}},{"address":"aws_lambda_function.trigger_dag","mode":"managed","type":"aws_lambda_function","name":"trigger_dag","provider_name":"registry.terraform.io/hashicorp/aws","change":{"actions":["create"],"before":null,"after":{"capacity_provider_config":[],"code_signing_config_arn":null,"dead_letter_config":[],"description":null,"durable_config":[],"environment":[{"variables":{"DAG_BUCKET":"ai-tf","DATA_BUCKET":"ai-tf"}}],"file_system_config":[],"filename":null,"function_name":"ai-tf","handler":"index.handler","image_config":[],"image_uri":null,"kms_key_arn":null,"layers":null,"memory_size":128,"package_type":"Zip","publish":false,"publish_to":null,"region":"us-east-1","replace_security_groups_on_destroy":null,"replacement_security_group_ids":null,"reserved_concurrent_executions":-1,"runtime":"python3.9","s3_bucket":"ai-tf-bucket","s3_key":"ai-tf.txt","s3_object_version":null,"skip_destroy":false,"snap_start":[],"source_kms_key_arn":null,"tags":null,"tenancy_config":[],"timeout":60,"timeouts":null,"vpc_config":[{"ipv6_allowed_for_dual_stack":false}]},"after_unknown":{"architectures":true,"arn":true,"capacity_provider_config":[],"code_sha256":true,"dead_letter_config":[],"durable_config":[],"environment":[{"variables":{}}],"ephemeral_storage":true,"file_system_config":[],"id":true,"image_config":[],"invoke_arn":true,"last_modified":true,"logging_config":true,"qualified_arn":true,"qualified_invoke_arn":true,"role":true,"signing_job_arn":true,"signing_profile_version_arn":true,"snap_start":[],"source_code_hash":true,"source_code_size":true,"tags_all":true,"tenancy_config":[],"tracing_config":true,"version":true,"vpc_config":[{"security_group_ids":true,"subnet_ids":true,"vpc_id":true}]},"before_sensitive":false,"after_sensitive":{"architectures":[],"capacity_provider_config":[],"dead_letter_config":[],"durable_config":[],"environment":[{"variables":{}}],"ephemeral_storage":[],"file_system_config":[],"image_config":[],"logging_config":[],"snap_start":[],"tags_all":{},"tenancy_config":[],"tracing_config":[],"vpc_config":[{"security_group_ids":[],"subnet_ids":[]}]},"after_identity":{"account_id":null,"function_name":null,"region":null}}},{"address":"aws_mwaa_environment.main","mode":"managed","type":"aws_mwaa_environment","name":"main","provider_name":"registry.terraform.io/hashicorp/aws","change":{"actions":["create"],"before":null,"after":{"airflow_configuration_options":{"core.load_examples":"False"},"airflow_version":"2.6.3","dag_s3_path":"/","environment_class":"mw1.small","kms_key":null,"logging_configuration":[{"dag_processing_logs":[{"enabled":true,"log_level":"INFO"}],"scheduler_logs":[{"enabled":true,"log_level":"INFO"}],"task_logs":[{"enabled":true,"log_level":"INFO"}],"webserver_logs":[{"enabled":true,"log_level":"INFO"}],"worker_logs":[{"enabled":true,"log_level":"INFO"}]}],"max_workers":2,"min_workers":1,"name":"main-mwaa-env","network_configuration":[{}],"plugins_s3_path":null,"region":"us-east-1","requirements_s3_path":"requirements.txt","startup_script_s3_path":null,"tags":null,"timeouts":null,"webserver_access_mode":"PUBLIC_ONLY"},"after_unknown":{"airflow_configuration_options":{},"arn":true,"created_at":true,"database_vpc_endpoint_service":true,"endpoint_management":true,"execution_role_arn":true,"id":true,"last_updated":true,"logging_configuration":[{"dag_processing_logs":[{"cloud_watch_log_group_arn":true}],"scheduler_logs":[{"cloud_watch_log_group_arn":true}],"task_logs":[{"cloud_watch_log_group_arn":true}],"webserver_logs":[{"cloud_watch_log_group_arn":true}],"worker_logs":[{"cloud_watch_log_group_arn":true}]}],"max_webservers":true,"min_webservers":true,"network_configuration":[{"security_group_ids":true,"subnet_ids":true}],"plugins_s3_object_version":true,"requirements_s3_object_version":true,"schedulers":true,"service_role_arn":true,"source_bucket_arn":true,"startup_script_s3_object_version":true,"status":true,"tags_all":true,"webserver_url":true,"webserver_vpc_endpoint_service":true,"weekly_maintenance_window_start":true,"worker_replacement_strategy":true},"before_sensitive":false,"after_sensitive":{"airflow_configuration_options":true,"last_updated":[],"logging_configuration":[{"dag_processing_logs":[{}],"scheduler_logs":[{}],"task_logs":[{}],"webserver_logs":[{}],"worker_logs":[{}]}],"network_configuration":[{"security_group_ids":[],"subnet_ids":[]}],"tags_all":{}}}},{"address":"aws_nat_gateway.main","mode":"managed","type":"aws_nat_gateway","name":"main","provider_name":"registry.terraform.io/hashicorp/aws","change":{"actions":["create"],"before":null,"after":{"availability_zone_address":[],"connectivity_type":"public","region":"us-east-1","tags":{"Name":"main-nat-gw"},"tags_all":{"Name":"main-nat-gw"},"timeouts":null},"after_unknown":{"allocation_id":true,"association_id":true,"auto_provision_zones":true,"auto_scaling_ips":true,"availability_mode":true,"availability_zone_address":[],"id":true,"network_interface_id":true,"private_ip":true,"public_ip":true,"regional_nat_gateway_address":true,"regional_nat_gateway_auto_mode":true,"route_table_id":true,"secondary_allocation_ids":true,"secondary_private_ip_address_count":true,"secondary_private_ip_addresses":true,"subnet_id":true,"tags":{},"tags_all":{},"vpc_id":true},"before_sensitive":false,"after_sensitive":{"availability_zone_address":[],"regional_nat_gateway_address":[],"secondary_allocation_ids":[],"secondary_private_ip_addresses":[],"tags":{},"tags_all":{}}}},{"address":"aws_route.private_nat_gateway","mode":"managed","type":"aws_route","name":"private_nat_gateway","provider_name":"registry.terraform.io/hashicorp/aws","change":{"actions":["create"],"before":null,"after":{"carrier_gateway_id":null,"core_network_arn":null,"destination_cidr_block":"0.0.0.0/0","destination_ipv6_cidr_block":null,"destination_prefix_list_id":null,"egress_only_gateway_id":null,"gateway_id":null,"local_gateway_id":null,"region":"us-east-1","timeouts":null,"transit_gateway_id":null,"vpc_endpoint_id":null,"vpc_peering_connection_id":null},"after_unknown":{"id":true,"instance_id":true,"instance_owner_id":true,"nat_gateway_id":true,"network_interface_id":true,"origin":true,"route_table_id":true,"state":true},"before_sensitive":false,"after_sensitive":{},"after_identity":{"account_id":null,"destination_cidr_block":null,"destination_ipv6_cidr_block":null,"destination_prefix_list_id":null,"region":null,"route_table_id":null}}},{"address":"aws_route.public_internet_access","mode":"managed","type":"aws_route","name":"public_internet_access","provider_name":"registry.terraform.io/hashicorp/aws","change":{"actions":["create"],"before":null,"after":{"carrier_gateway_id":null,"core_network_arn":null,"destination_cidr_block":"0.0.0.0/0","destination_ipv6_cidr_block":null,"destination_prefix_list_id":null,"egress_only_gateway_id":null,"local_gateway_id":null,"nat_gateway_id":null,"region":"us-east-1","timeouts":null,"transit_gateway_id":null,"vpc_endpoint_id":null,"vpc_peering_connection_id":null},"after_unknown":{"gateway_id":true,"id":true,"instance_id":true,"instance_owner_id":true,"network_interface_id":true,"origin":true,"route_table_id":true,"state":true},"before_sensitive":false,"after_sensitive":{},"after_identity":{"account_id":null,"destination_cidr_block":null,"destination_ipv6_cidr_block":null,"destination_prefix_list_id":null,"region":null,"route_table_id":null}}},{"address":"aws_route_table.private","mode":"managed","type":"aws_route_table","name":"private","provider_name":"registry.terraform.io/hashicorp/aws","change":{"actions":["create"],"before":null,"after":{"region":"us-east-1","tags":{"Name":"private-rt"},"tags_all":{"Name":"private-rt"},"timeouts":null},"after_unknown":{"arn":true,"id":true,"owner_id":true,"propagating_vgws":true,"route":true,"tags":{},"tags_all":{},"vpc_id":true},"before_sensitive":false,"after_sensitive":{"propagating_vgws":[],"route":[],"tags":{},"tags_all":{}},"after_identity":{"account_id":null,"id":null,"region":null}}},{"address":"aws_route_table.public","mode":"managed","type":"aws_route_table","name":"public","provider_name":"registry.terraform.io/hashicorp/aws","change":{"actions":["create"],"before":null,"after":{"region":"us-east-1","tags":{"Name":"public-rt"},"tags_all":{"Name":"public-rt"},"timeouts":null},"after_unknown":{"arn":true,"id":true,"owner_id":true,"propagating_vgws":true,"route":true,"tags":{},"tags_all":{},"vpc_id":true},"before_sensitive":false,"after_sensitive":{"propagating_vgws":[],"route":[],"tags":{},"tags_all":{}},"after_identity":{"account_id":null,"id":null,"region":null}}},{"address":"aws_route_table_association.private[0]","mode":"managed","type":"aws_route_table_association","name":"private","index":0,"provider_name":"registry.terraform.io/hashicorp/aws","change":{"actions":["create"],"before":null,"after":{"gateway_id":null,"region":"us-east-1","timeouts":null},"after_unknown":{"id":true,"route_table_id":true,"subnet_id":true},"before_sensitive":false,"after_sensitive":{}}},{"address":"aws_route_table_association.private[1]","mode":"managed","type":"aws_route_table_association","name":"private","index":1,"provider_name":"registry.terraform.io/hashicorp/aws","change":{"actions":["create"],"before":null,"after":{"gateway_id":null,"region":"us-east-1","timeouts":null},"after_unknown":{"id":true,"route_table_id":true,"subnet_id":true},"before_sensitive":false,"after_sensitive":{}}},{"address":"aws_route_table_association.public[0]","mode":"managed","type":"aws_route_table_association","name":"public","index":0,"provider_name":"registry.terraform.io/hashicorp/aws","change":{"actions":["create"],"before":null,"after":{"gateway_id":null,"region":"us-east-1","timeouts":null},"after_unknown":{"id":true,"route_table_id":true,"subnet_id":true},"before_sensitive":false,"after_sensitive":{}}},{"address":"aws_route_table_association.public[1]","mode":"managed","type":"aws_route_table_association","name":"public","index":1,"provider_name":"registry.terraform.io/hashicorp/aws","change":{"actions":["create"],"before":null,"after":{"gateway_id":null,"region":"us-east-1","timeouts":null},"after_unknown":{"id":true,"route_table_id":true,"subnet_id":true},"before_sensitive":false,"after_sensitive":{}}},{"address":"aws_s3_bucket.dag","mode":"managed","type":"aws_s3_bucket","name":"dag","provider_name":"registry.terraform.io/hashicorp/aws","change":{"actions":["create"],"before":null,"after":{"bucket":"ai-tf","force_destroy":true,"region":"us-east-1","tags":{"Name":"airflow-dags-bucket"},"tags_all":{"Name":"airflow-dags-bucket"},"timeouts":null},"after_unknown":{"acceleration_status":true,"acl":true,"arn":true,"bucket_domain_name":true,"bucket_prefix":true,"bucket_region":true,"bucket_regional_domain_name":true,"cors_rule":true,"grant":true,"hosted_zone_id":true,"id":true,"lifecycle_rule":true,"logging":true,"object_lock_configuration":true,"object_lock_enabled":true,"policy":true,"replication_configuration":true,"request_payer":true,"server_side_encryption_configuration":true,"tags":{},"tags_all":{},"versioning":true,"website":true,"website_domain":true,"website_endpoint":true},"before_sensitive":false,"after_sensitive":{"cors_rule":[],"grant":[],"lifecycle_rule":[],"logging":[],"object_lock_configuration":[],"replication_configuration":[],"server_side_encryption_configuration":[],"tags":{},"tags_all":{},"versioning":[],"website":[]},"after_identity":{"account_id":null,"bucket":null,"region":null}}},{"address":"aws_s3_bucket.data","mode":"managed","type":"aws_s3_bucket","name":"data","provider_name":"registry.terraform.io/hashicorp/aws","change":{"actions":["create"],"before":null,"after":{"bucket":"ai-tf","force_destroy":true,"region":"us-east-1","tags":{"Name":"data-storage-bucket"},"tags_all":{"Name":"data-storage-bucket"},"timeouts":null},"after_unknown":{"acceleration_status":true,"acl":true,"arn":true,"bucket_domain_name":true,"bucket_prefix":true,"bucket_region":true,"bucket_regional_domain_name":true,"cors_rule":true,"grant":true,"hosted_zone_id":true,"id":true,"lifecycle_rule":true,"logging":true,"object_lock_configuration":true,"object_lock_enabled":true,"policy":true,"replication_configuration":true,"request_payer":true,"server_side_encryption_configuration":true,"tags":{},"tags_all":{},"versioning":true,"website":true,"website_domain":true,"website_endpoint":true},"before_sensitive":false,"after_sensitive":{"cors_rule":[],"grant":[],"lifecycle_rule":[],"logging":[],"object_lock_configuration":[],"replication_configuration":[],"server_side_encryption_configuration":[],"tags":{},"tags_all":{},"versioning":[],"website":[]},"after_identity":{"account_id":null,"bucket":null,"region":null}}},{"address":"aws_s3_bucket_public_access_block.dag","mode":"managed","type":"aws_s3_bucket_public_access_block","name":"dag","provider_name":"registry.terraform.io/hashicorp/aws","change":{"actions":["create"],"before":null,"after":{"block_public_acls":true,"block_public_policy":true,"ignore_public_acls":true,"region":"us-east-1","restrict_public_buckets":true,"skip_destroy":null},"after_unknown":{"bucket":true,"id":true},"before_sensitive":false,"after_sensitive":{},"after_identity":{"account_id":null,"bucket":null,"region":null}}},{"address":"aws_s3_bucket_public_access_block.data","mode":"managed","type":"aws_s3_bucket_public_access_block","name":"data","provider_name":"registry.terraform.io/hashicorp/aws","change":{"actions":["create"],"before":null,"after":{"block_public_acls":true,"block_public_policy":true,"ignore_public_acls":true,"region":"us-east-1","restrict_public_buckets":true,"skip_destroy":null},"after_unknown":{"bucket":true,"id":true},"before_sensitive":false,"after_sensitive":{},"after_identity":{"account_id":null,"bucket":null,"region":null}}},{"address":"aws_s3_bucket_server_side_encryption_configuration.dag","mode":"managed","type":"aws_s3_bucket_server_side_encryption_configuration","name":"dag","provider_name":"registry.terraform.io/hashicorp/aws","change":{"actions":["create"],"before":null,"after":{"expected_bucket_owner":null,"region":"us-east-1","rule":[{"apply_server_side_encryption_by_default":[{"kms_master_key_id":"","sse_algorithm":"AES256"}],"blocked_encryption_types":[],"bucket_key_enabled":null}]},"after_unknown":{"bucket":true,"id":true,"rule":[{"apply_server_side_encryption_by_default":[{}],"blocked_encryption_types":[]}]},"before_sensitive":false,"after_sensitive":{"rule":[{"apply_server_side_encryption_by_default":[{}],"blocked_encryption_types":[]}]},"after_identity":{"account_id":null,"bucket":null,"expected_bucket_owner":null,"region":null}}},{"address":"aws_s3_bucket_server_side_encryption_configuration.data","mode":"managed","type":"aws_s3_bucket_server_side_encryption_configuration","name":"data","provider_name":"registry.terraform.io/hashicorp/aws","change":{"actions":["create"],"before":null,"after":{"expected_bucket_owner":null,"region":"us-east-1","rule":[{"apply_server_side_encryption_by_default":[{"kms_master_key_id":"","sse_algorithm":"AES256"}],"blocked_encryption_types":[],"bucket_key_enabled":null}]},"after_unknown":{"bucket":true,"id":true,"rule":[{"apply_server_side_encryption_by_default":[{}],"blocked_encryption_types":[]}]},"before_sensitive":false,"after_sensitive":{"rule":[{"apply_server_side_encryption_by_default":[{}],"blocked_encryption_types":[]}]},"after_identity":{"account_id":null,"bucket":null,"expected_bucket_owner":null,"region":null}}},{"address":"aws_s3_bucket_versioning.dag","mode":"managed","type":"aws_s3_bucket_versioning","name":"dag","provider_name":"registry.terraform.io/hashicorp/aws","change":{"actions":["create"],"before":null,"after":{"expected_bucket_owner":null,"mfa":null,"region":"us-east-1","versioning_configuration":[{"status":"Enabled"}]},"after_unknown":{"bucket":true,"id":true,"versioning_configuration":[{"mfa_delete":true}]},"before_sensitive":false,"after_sensitive":{"versioning_configuration":[{}]},"after_identity":{"account_id":null,"bucket":null,"expected_bucket_owner":null,"region":null}}},{"address":"aws_s3_bucket_versioning.data","mode":"managed","type":"aws_s3_bucket_versioning","name":"data","provider_name":"registry.terraform.io/hashicorp/aws","change":{"actions":["create"],"before":null,"after":{"expected_bucket_owner":null,"mfa":null,"region":"us-east-1","versioning_configuration":[{"status":"Enabled"}]},"after_unknown":{"bucket":true,"id":true,"versioning_configuration":[{"mfa_delete":true}]},"before_sensitive":false,"after_sensitive":{"versioning_configuration":[{}]},"after_identity":{"account_id":null,"bucket":null,"expected_bucket_owner":null,"region":null}}},{"address":"aws_security_group.lambda","mode":"managed","type":"aws_security_group","name":"lambda","provider_name":"registry.terraform.io/hashicorp/aws","change":{"actions":["create"],"before":null,"after":{"description":"Security group for Lambda functions","egress":[{"cidr_blocks":["0.0.0.0/0"],"description":"","from_port":0,"ipv6_cidr_blocks":[],"prefix_list_ids":[],"protocol":"-1","security_groups":[],"self":false,"to_port":0}],"ingress":[{"cidr_blocks":["0.0.0.0/0"],"description":"","from_port":0,"ipv6_cidr_blocks":[],"prefix_list_ids":[],"protocol":"-1","security_groups":[],"self":false,"to_port":0}],"name":"lambda-sg","region":"us-east-1","revoke_rules_on_delete":false,"tags":{"Name":"lambda-sg"},"tags_all":{"Name":"lambda-sg"},"timeouts":null},"after_unknown":{"arn":true,"egress":[{"cidr_blocks":[false],"ipv6_cidr_blocks":[],"prefix_list_ids":[],"security_groups":[]}],"id":true,"ingress":[{"cidr_blocks":[false],"ipv6_cidr_blocks":[],"prefix_list_ids":[],"security_groups":[]}],"name_prefix":true,"owner_id":true,"tags":{},"tags_all":{},"vpc_id":true},"before_sensitive":false,"after_sensitive":{"egress":[{"cidr_blocks":[false],"ipv6_cidr_blocks":[],"prefix_list_ids":[],"security_groups":[]}],"ingress":[{"cidr_blocks":[false],"ipv6_cidr_blocks":[],"prefix_list_ids":[],"security_groups":[]}],"tags":{},"tags_all":{}},"after_identity":{"account_id":null,"id":null,"region":null}}},{"address":"aws_security_group.mwaa","mode":"managed","type":"aws_security_group","name":"mwaa","provider_name":"registry.terraform.io/hashicorp/aws","change":{"actions":["create"],"before":null,"after":{"description":"Security group for MWAA","egress":[{"cidr_blocks":["0.0.0.0/0"],"description":"","from_port":0,"ipv6_cidr_blocks":[],"prefix_list_ids":[],"protocol":"-1","security_groups":[],"self":false,"to_port":0}],"ingress":[{"cidr_blocks":["0.0.0.0/0"],"description":"","from_port":0,"ipv6_cidr_blocks":[],"prefix_list_ids":[],"protocol":"-1","security_groups":[],"self":false,"to_port":0}],"name":"mwaa-sg","region":"us-east-1","revoke_rules_on_delete":false,"tags":{"Name":"mwaa-sg"},"tags_all":{"Name":"mwaa-sg"},"timeouts":null},"after_unknown":{"arn":true,"egress":[{"cidr_blocks":[false],"ipv6_cidr_blocks":[],"prefix_list_ids":[],"security_groups":[]}],"id":true,"ingress":[{"cidr_blocks":[false],"ipv6_cidr_blocks":[],"prefix_list_ids":[],"security_groups":[]}],"name_prefix":true,"owner_id":true,"tags":{},"tags_all":{},"vpc_id":true},"before_sensitive":false,"after_sensitive":{"egress":[{"cidr_blocks":[false],"ipv6_cidr_blocks":[],"prefix_list_ids":[],"security_groups":[]}],"ingress":[{"cidr_blocks":[false],"ipv6_cidr_blocks":[],"prefix_list_ids":[],"security_groups":[]}],"tags":{},"tags_all":{}},"after_identity":{"account_id":null,"id":null,"region":null}}},{"address":"aws_subnet.private[0]","mode":"managed","type":"aws_subnet","name":"private","index":0,"provider_name":"registry.terraform.io/hashicorp/aws","change":{"actions":["create"],"before":null,"after":{"assign_ipv6_address_on_creation":false,"availability_zone":"us-east-1a","cidr_block":"10.0.101.0/24","customer_owned_ipv4_pool":null,"enable_dns64":false,"enable_lni_at_device_index":null,"enable_resource_name_dns_a_record_on_launch":false,"enable_resource_name_dns_aaaa_record_on_launch":false,"ipv6_cidr_block":null,"ipv6_native":false,"map_customer_owned_ip_on_launch":null,"map_public_ip_on_launch":false,"outpost_arn":null,"region":"us-east-1","tags":{"Name":"private-subnet-1"},"tags_all":{"Name":"private-subnet-1"},"timeouts":null},"after_unknown":{"arn":true,"availability_zone_id":true,"id":true,"ipv6_cidr_block_association_id":true,"owner_id":true,"private_dns_hostname_type_on_launch":true,"tags":{},"tags_all":{},"vpc_id":true},"before_sensitive":false,"after_sensitive":{"tags":{},"tags_all":{}},"after_identity":{"account_id":null,"id":null,"region":null}}},{"address":"aws_subnet.private[1]","mode":"managed","type":"aws_subnet","name":"private","index":1,"provider_name":"registry.terraform.io/hashicorp/aws","change":{"actions":["create"],"before":null,"after":{"assign_ipv6_address_on_creation":false,"availability_zone":"us-east-1b","cidr_block":"10.0.102.0/24","customer_owned_ipv4_pool":null,"enable_dns64":false,"enable_lni_at_device_index":null,"enable_resource_name_dns_a_record_on_launch":false,"enable_resource_name_dns_aaaa_record_on_launch":false,"ipv6_cidr_block":null,"ipv6_native":false,"map_customer_owned_ip_on_launch":null,"map_public_ip_on_launch":false,"outpost_arn":null,"region":"us-east-1","tags":{"Name":"private-subnet-2"},"tags_all":{"Name":"private-subnet-2"},"timeouts":null},"after_unknown":{"arn":true,"availability_zone_id":true,"id":true,"ipv6_cidr_block_association_id":true,"owner_id":true,"private_dns_hostname_type_on_launch":true,"tags":{},"tags_all":{},"vpc_id":true},"before_sensitive":false,"after_sensitive":{"tags":{},"tags_all":{}},"after_identity":{"account_id":null,"id":null,"region":null}}},{"address":"aws_subnet.public[0]","mode":"managed","type":"aws_subnet","name":"public","index":0,"provider_name":"registry.terraform.io/hashicorp/aws","change":{"actions":["create"],"before":null,"after":{"assign_ipv6_address_on_creation":false,"availability_zone":"us-east-1a","cidr_block":"10.0.1.0/24","customer_owned_ipv4_pool":null,"enable_dns64":false,"enable_lni_at_device_index":null,"enable_resource_name_dns_a_record_on_launch":false,"enable_resource_name_dns_aaaa_record_on_launch":false,"ipv6_cidr_block":null,"ipv6_native":false,"map_customer_owned_ip_on_launch":null,"map_public_ip_on_launch":true,"outpost_arn":null,"region":"us-east-1","tags":{"Name":"public-subnet-1"},"tags_all":{"Name":"public-subnet-1"},"timeouts":null},"after_unknown":{"arn":true,"availability_zone_id":true,"id":true,"ipv6_cidr_block_association_id":true,"owner_id":true,"private_dns_hostname_type_on_launch":true,"tags":{},"tags_all":{},"vpc_id":true},"before_sensitive":false,"after_sensitive":{"tags":{},"tags_all":{}},"after_identity":{"account_id":null,"id":null,"region":null}}},{"address":"aws_subnet.public[1]","mode":"managed","type":"aws_subnet","name":"public","index":1,"provider_name":"registry.terraform.io/hashicorp/aws","change":{"actions":["create"],"before":null,"after":{"assign_ipv6_address_on_creation":false,"availability_zone":"us-east-1b","cidr_block":"10.0.2.0/24","customer_owned_ipv4_pool":null,"enable_dns64":false,"enable_lni_at_device_index":null,"enable_resource_name_dns_a_record_on_launch":false,"enable_resource_name_dns_aaaa_record_on_launch":false,"ipv6_cidr_block":null,"ipv6_native":false,"map_customer_owned_ip_on_launch":null,"map_public_ip_on_launch":true,"outpost_arn":null,"region":"us-east-1","tags":{"Name":"public-subnet-2"},"tags_all":{"Name":"public-subnet-2"},"timeouts":null},"after_unknown":{"arn":true,"availability_zone_id":true,"id":true,"ipv6_cidr_block_association_id":true,"owner_id":true,"private_dns_hostname_type_on_launch":true,"tags":{},"tags_all":{},"vpc_id":true},"before_sensitive":false,"after_sensitive":{"tags":{},"tags_all":{}},"after_identity":{"account_id":null,"id":null,"region":null}}},{"address":"aws_vpc.main","mode":"managed","type":"aws_vpc","name":"main","provider_name":"registry.terraform.io/hashicorp/aws","change":{"actions":["create"],"before":null,"after":{"assign_generated_ipv6_cidr_block":null,"cidr_block":"10.0.0.0/16","enable_dns_hostnames":true,"enable_dns_support":true,"instance_tenancy":"default","ipv4_ipam_pool_id":null,"ipv4_netmask_length":null,"ipv6_ipam_pool_id":null,"ipv6_netmask_length":null,"region":"us-east-1","tags":{"Name":"main-vpc"},"tags_all":{"Name":"main-vpc"}},"after_unknown":{"arn":true,"default_network_acl_id":true,"default_route_table_id":true,"default_security_group_id":true,"dhcp_options_id":true,"enable_network_address_usage_metrics":true,"id":true,"ipv6_association_id":true,"ipv6_cidr_block":true,"ipv6_cidr_block_network_border_group":true,"main_route_table_id":true,"owner_id":true,"tags":{},"tags_all":{}},"before_sensitive":false,"after_sensitive":{"tags":{},"tags_all":{}},"after_identity":{"account_id":null,"id":null,"region":null}}}],"output_changes":{"dag_s3_bucket_arn":{"actions":["create"],"before":null,"after_unknown":true,"before_sensitive":false,"after_sensitive":false},"data_s3_bucket_arn":{"actions":["create"],"before":null,"after_unknown":true,"before_sensitive":false,"after_sensitive":false},"lambda_function_arn":{"actions":["create"],"before":null,"after_unknown":true,"before_sensitive":false,"after_sensitive":false},"mwaa_environment_arn":{"actions":["create"],"before":null,"after_unknown":true,"before_sensitive":false,"after_sensitive":false},"private_subnet_ids":{"actions":["create"],"before":null,"after":[null,null],"after_unknown":[true,true],"before_sensitive":false,"after_sensitive":false},"public_subnet_ids":{"actions":["create"],"before":null,"after":[null,null],"after_unknown":[true,true],"before_sensitive":false,"after_sensitive":false},"vpc_id":{"actions":["create"],"before":null,"after_unknown":true,"before_sensitive":false,"after_sensitive":false}},"prior_state":{"format_version":"1.0","terraform_version":"1.13.5","values":{"root_module":{"resources":[{"address":"data.archive_file.lambda_dummy","mode":"data","type":"archive_file","name":"lambda_dummy","provider_name":"registry.terraform.io/hashicorp/archive","schema_version":0,"values":{"exclude_symlink_directories":null,"excludes":null,"id":"58e93fade67637870be5af38eff8d5aa66c7da49","output_base64sha256":"wmbalFzzY/wG3ivChKElOZB3+B4gptmQyIat05p+fU4=","output_base64sha512":"BQYAg1LwEY4tDmry1VoRx6StX0vjH+7LpfB5KAZLVvfJQjioPbBv1QxI6QF6P2U614fU3h9XKBCb9z5Y1ornqA==","output_file_mode":null,"output_md5":"a0dbd832a6a977d6d5b28ea5c85e30fb","output_path":"./.dummy/lambda.zip","output_sha":"58e93fade67637870be5af38eff8d5aa66c7da49","output_sha256":"c266da945cf363fc06de2bc284a125399077f81e20a6d990c886add39a7e7d4e","output_sha512":"0506008352f0118e2d0e6af2d55a11c7a4ad5f4be31feecba5f07928064b56f7c94238a83db06fd50c48e9017a3f653ad787d4de1f5728109bf73e58d68ae7a8","output_size":246,"source":[{"content":"exports.handler = async (event) =\u003e {\n  console.log(\"Dummy lambda invoked\");\n  return { statusCode: 200, body: \"dummy\" };\n};\n","filename":"index.js"}],"source_content":null,"source_content_filename":null,"source_dir":null,"source_file":null,"type":"zip"},"sensitive_values":{"source":[{}]}},{"address":"data.aws_availability_zones.available","mode":"data","type":"aws_availability_zones","name":"available","provider_name":"registry.terraform.io/hashicorp/aws","schema_version":0,"values":{"all_availability_zones":null,"exclude_names":null,"exclude_zone_ids":null,"filter":null,"group_names":[""],"id":"us-east-1","names":["us-east-1a","us-east-1b","us-east-1c","us-east-1d","us-east-1e","us-east-1f"],"region":"us-east-1","state":null,"timeouts":null,"zone_ids":["use1-az6","use1-az1","use1-az2","use1-az4","use1-az3","use1-az5"]},"sensitive_values":{"group_names":[false],"names":[false,false,false,false,false,false],"zone_ids":[false,false,false,false,false,false]}},{"address":"data.aws_caller_identity.current","mode":"data","type":"aws_caller_identity","name":"current","provider_name":"registry.terraform.io/hashicorp/aws","schema_version":0,"values":{"account_id":"000000000000","arn":"arn:aws:iam::000000000000:root","id":"000000000000","user_id":"AKIAIOSFODNN7EXAMPLE"},"sensitive_values":{}},{"address":"data.aws_iam_policy_document.lambda_assume_role_policy","mode":"data","type":"aws_iam_policy_document","name":"lambda_assume_role_policy","provider_name":"registry.terraform.io/hashicorp/aws","schema_version":0,"values":{"id":"2690255455","json":"{\n  \"Version\": \"2012-10-17\",\n  \"Statement\": [\n    {\n      \"Effect\": \"Allow\",\n      \"Action\": \"sts:AssumeRole\",\n      \"Principal\": {\n        \"Service\": \"lambda.amazonaws.com\"\n      }\n    }\n  ]\n}","minified_json":"{\"Version\":\"2012-10-17\",\"Statement\":[{\"Effect\":\"Allow\",\"Action\":\"sts:AssumeRole\",\"Principal\":{\"Service\":\"lambda.amazonaws.com\"}}]}","override_json":null,"override_policy_documents":null,"policy_id":null,"source_json":null,"source_policy_documents":null,"statement":[{"actions":["sts:AssumeRole"],"condition":[],"effect":"Allow","not_actions":[],"not_principals":[],"not_resources":[],"principals":[{"identifiers":["lambda.amazonaws.com"],"type":"Service"}],"resources":[],"sid":""}],"version":"2012-10-17"},"sensitive_values":{"statement":[{"actions":[false],"condition":[],"not_actions":[],"not_principals":[],"not_resources":[],"principals":[{"identifiers":[false]}],"resources":[]}]}},{"address":"data.aws_iam_policy_document.mwaa_assume_role_policy","mode":"data","type":"aws_iam_policy_document","name":"mwaa_assume_role_policy","provider_name":"registry.terraform.io/hashicorp/aws","schema_version":0,"values":{"id":"3872323650","json":"{\n  \"Version\": \"2012-10-17\",\n  \"Statement\": [\n    {\n      \"Effect\": \"Allow\",\n      \"Action\": \"sts:AssumeRole\",\n      \"Principal\": {\n        \"Service\": \"airflow.amazonaws.com\"\n      }\n    }\n  ]\n}","minified_json":"{\"Version\":\"2012-10-17\",\"Statement\":[{\"Effect\":\"Allow\",\"Action\":\"sts:AssumeRole\",\"Principal\":{\"Service\":\"airflow.amazonaws.com\"}}]}","override_json":null,"override_policy_documents":null,"policy_id":null,"source_json":null,"source_policy_documents":null,"statement":[{"actions":["sts:AssumeRole"],"condition":[],"effect":"Allow","not_actions":[],"not_principals":[],"not_resources":[],"principals":[{"identifiers":["airflow.amazonaws.com"],"type":"Service"}],"resources":[],"sid":""}],"version":"2012-10-17"},"sensitive_values":{"statement":[{"actions":[false],"condition":[],"not_actions":[],"not_principals":[],"not_resources":[],"principals":[{"identifiers":[false]}],"resources":[]}]}},{"address":"data.aws_region.current","mode":"data","type":"aws_region","name":"current","provider_name":"registry.terraform.io/hashicorp/aws","schema_version":0,"values":{"description":"US East (N. Virginia)","endpoint":"ec2.us-east-1.amazonaws.com","id":"us-east-1","name":"us-east-1","region":"us-east-1"},"sensitive_values":{}}]}}},"configuration":{"provider_config":{"archive":{"name":"archive","full_name":"registry.terraform.io/hashicorp/archive"},"aws":{"name":"aws","full_name":"registry.terraform.io/hashicorp/aws","version_constraint":"~\u003e 6.27.0","expressions":{"region":{"references":["var.aws_region"]}}}},"root_module":{"outputs":{"dag_s3_bucket_arn":{"expression":{"references":["aws_s3_bucket.dag.arn","aws_s3_bucket.dag"]},"description":"ARN of the S3 bucket for Airflow DAGs."},"data_s3_bucket_arn":{"expression":{"references":["aws_s3_bucket.data.arn","aws_s3_bucket.data"]},"description":"ARN of the S3 bucket for data."},"lambda_function_arn":{"expression":{"references":["aws_lambda_function.trigger_dag.arn","aws_lambda_function.trigger_dag"]},"description":"ARN of the Lambda function."},"mwaa_environment_arn":{"expression":{"references":["aws_mwaa_environment.main.arn","aws_mwaa_environment.main"]},"description":"ARN of the MWAA environment."},"private_subnet_ids":{"expression":{"references":["aws_subnet.private"]},"description":"IDs of the private subnets."},"public_subnet_ids":{"expression":{"references":["aws_subnet.public"]},"description":"IDs of the public subnets."},"vpc_id":{"expression":{"references":["aws_vpc.main.id","aws_vpc.main"]},"description":"The ID of the VPC."}},"resources":[{"address":"aws_cloudtrail.main","mode":"managed","type":"aws_cloudtrail","name":"main","provider_config_key":"aws","expressions":{"enable_log_file_validation":{"constant_value":true},"event_selector":[{"include_management_events":{"constant_value":true},"read_write_type":{"constant_value":"All"}}],"include_global_service_events":{"constant_value":true},"is_multi_region_trail":{"constant_value":false},"name":{"constant_value":"main-cloudtrail"},"s3_bucket_name":{"references":["aws_s3_bucket.data.bucket","aws_s3_bucket.data"]}},"schema_version":1},{"address":"aws_cloudwatch_log_group.lambda","mode":"managed","type":"aws_cloudwatch_log_group","name":"lambda","provider_config_key":"aws","expressions":{"name":{"references":["var.lambda_function_name"]},"retention_in_days":{"constant_value":14}},"schema_version":0},{"address":"aws_cloudwatch_log_group.mwaa","mode":"managed","type":"aws_cloudwatch_log_group","name":"mwaa","provider_config_key":"aws","expressions":{"name":{"constant_value":"/aws/mwaa/main-mwaa-env"},"retention_in_days":{"constant_value":14}},"schema_version":0},{"address":"aws_eip.nat","mode":"managed","type":"aws_eip","name":"nat","provider_config_key":"aws","expressions":{"domain":{"constant_value":"vpc"}},"schema_version":0},{"address":"aws_iam_role.lambda","mode":"managed","type":"aws_iam_role","name":"lambda","provider_config_key":"aws","expressions":{"assume_role_policy":{"references":["data.aws_iam_policy_document.lambda_assume_role_policy.json","data.aws_iam_policy_document.lambda_assume_role_policy"]},"name":{"constant_value":"lambda-execution-role"}},"schema_version":0},{"address":"aws_iam_role.mwaa","mode":"managed","type":"aws_iam_role","name":"mwaa","provider_config_key":"aws","expressions":{"assume_role_policy":{"references":["data.aws_iam_policy_document.mwaa_assume_role_policy.json","data.aws_iam_policy_document.mwaa_assume_role_policy"]},"name":{"constant_value":"mwaa-execution-role"}},"schema_version":0},{"address":"aws_iam_role_policy.lambda_policy","mode":"managed","type":"aws_iam_role_policy","name":"lambda_policy","provider_config_key":"aws","expressions":{"name":{"constant_value":"lambda-inline-policy"},"policy":{"references":["data.aws_iam_policy_document.lambda_policy.json","data.aws_iam_policy_document.lambda_policy"]},"role":{"references":["aws_iam_role.lambda.id","aws_iam_role.lambda"]}},"schema_version":0},{"address":"aws_iam_role_policy.mwaa_policy","mode":"managed","type":"aws_iam_role_policy","name":"mwaa_policy","provider_config_key":"aws","expressions":{"name":{"constant_value":"mwaa-inline-policy"},"policy":{"references":["data.aws_iam_policy_document.mwaa_policy.json","data.aws_iam_policy_document.mwaa_policy"]},"role":{"references":["aws_iam_role.mwaa.id","aws_iam_role.mwaa"]}},"schema_version":0},{"address":"aws_internet_gateway.main","mode":"managed","type":"aws_internet_gateway","name":"main","provider_config_key":"aws","expressions":{"tags":{"constant_value":{"Name":"main-igw"}},"vpc_id":{"references":["aws_vpc.main.id","aws_vpc.main"]}},"schema_version":0},{"address":"aws_lambda_function.trigger_dag","mode":"managed","type":"aws_lambda_function","name":"trigger_dag","provider_config_key":"aws","expressions":{"environment":[{"variables":{"references":["aws_s3_bucket.dag.bucket","aws_s3_bucket.dag","aws_s3_bucket.data.bucket","aws_s3_bucket.data"]}}],"function_name":{"references":["var.lambda_function_name"]},"handler":{"constant_value":"index.handler"},"memory_size":{"constant_value":128},"role":{"references":["aws_iam_role.lambda.arn","aws_iam_role.lambda"]},"runtime":{"constant_value":"python3.9"},"s3_bucket":{"references":["var.lambda_s3_bucket"]},"s3_key":{"references":["var.lambda_s3_key"]},"timeout":{"constant_value":60},"vpc_config":[{"security_group_ids":{"references":["aws_security_group.lambda.id","aws_security_group.lambda"]},"subnet_ids":{"references":["aws_subnet.private"]}}]},"schema_version":0,"depends_on":["aws_iam_role_policy.lambda_policy"]},{"address":"aws_mwaa_environment.main","mode":"managed","type":"aws_mwaa_environment","name":"main","provider_config_key":"aws","expressions":{"airflow_configuration_options":{"constant_value":{"core.load_examples":"False"}},"airflow_version":{"constant_value":"2.6.3"},"dag_s3_path":{"constant_value":"/"},"environment_class":{"constant_value":"mw1.small"},"execution_role_arn":{"references":["aws_iam_role.mwaa.arn","aws_iam_role.mwaa"]},"logging_configuration":[{"dag_processing_logs":[{"enabled":{"constant_value":true},"log_level":{"constant_value":"INFO"}}],"scheduler_logs":[{"enabled":{"constant_value":true},"log_level":{"constant_value":"INFO"}}],"task_logs":[{"enabled":{"constant_value":true},"log_level":{"constant_value":"INFO"}}],"webserver_logs":[{"enabled":{"constant_value":true},"log_level":{"constant_value":"INFO"}}],"worker_logs":[{"enabled":{"constant_value":true},"log_level":{"constant_value":"INFO"}}]}],"max_workers":{"constant_value":2},"min_workers":{"constant_value":1},"name":{"constant_value":"main-mwaa-env"},"network_configuration":[{"security_group_ids":{"references":["aws_security_group.mwaa.id","aws_security_group.mwaa"]},"subnet_ids":{"references":["aws_subnet.private"]}}],"requirements_s3_path":{"constant_value":"requirements.txt"},"source_bucket_arn":{"references":["aws_s3_bucket.dag.arn","aws_s3_bucket.dag"]},"webserver_access_mode":{"constant_value":"PUBLIC_ONLY"}},"schema_version":0,"depends_on":["aws_iam_role_policy.mwaa_policy"]},{"address":"aws_nat_gateway.main","mode":"managed","type":"aws_nat_gateway","name":"main","provider_config_key":"aws","expressions":{"allocation_id":{"references":["aws_eip.nat.id","aws_eip.nat"]},"subnet_id":{"references":["aws_subnet.public[0].id","aws_subnet.public[0]","aws_subnet.public"]},"tags":{"constant_value":{"Name":"main-nat-gw"}}},"schema_version":0,"depends_on":["aws_internet_gateway.main"]},{"address":"aws_route.private_nat_gateway","mode":"managed","type":"aws_route","name":"private_nat_gateway","provider_config_key":"aws","expressions":{"destination_cidr_block":{"constant_value":"0.0.0.0/0"},"nat_gateway_id":{"references":["aws_nat_gateway.main.id","aws_nat_gateway.main"]},"route_table_id":{"references":["aws_route_table.private.id","aws_route_table.private"]}},"schema_version":0},{"address":"aws_route.public_internet_access","mode":"managed","type":"aws_route","name":"public_internet_access","provider_config_key":"aws","expressions":{"destination_cidr_block":{"constant_value":"0.0.0.0/0"},"gateway_id":{"references":["aws_internet_gateway.main.id","aws_internet_gateway.main"]},"route_table_id":{"references":["aws_route_table.public.id","aws_route_table.public"]}},"schema_version":0},{"address":"aws_route_table.private","mode":"managed","type":"aws_route_table","name":"private","provider_config_key":"aws","expressions":{"tags":{"constant_value":{"Name":"private-rt"}},"vpc_id":{"references":["aws_vpc.main.id","aws_vpc.main"]}},"schema_version":0},{"address":"aws_route_table.public","mode":"managed","type":"aws_route_table","name":"public","provider_config_key":"aws","expressions":{"tags":{"constant_value":{"Name":"public-rt"}},"vpc_id":{"references":["aws_vpc.main.id","aws_vpc.main"]}},"schema_version":0},{"address":"aws_route_table_association.private","mode":"managed","type":"aws_route_table_association","name":"private","provider_config_key":"aws","expressions":{"route_table_id":{"references":["aws_route_table.private.id","aws_route_table.private"]},"subnet_id":{"references":["aws_subnet.private","count.index"]}},"schema_version":0,"count_expression":{"references":["var.private_subnet_cidrs"]}},{"address":"aws_route_table_association.public","mode":"managed","type":"aws_route_table_association","name":"public","provider_config_key":"aws","expressions":{"route_table_id":{"references":["aws_route_table.public.id","aws_route_table.public"]},"subnet_id":{"references":["aws_subnet.public","count.index"]}},"schema_version":0,"count_expression":{"references":["var.public_subnet_cidrs"]}},{"address":"aws_s3_bucket.dag","mode":"managed","type":"aws_s3_bucket","name":"dag","provider_config_key":"aws","expressions":{"bucket":{"references":["var.dag_s3_bucket_name"]},"force_destroy":{"constant_value":true},"tags":{"constant_value":{"Name":"airflow-dags-bucket"}}},"schema_version":0},{"address":"aws_s3_bucket.data","mode":"managed","type":"aws_s3_bucket","name":"data","provider_config_key":"aws","expressions":{"bucket":{"references":["var.data_s3_bucket_name"]},"force_destroy":{"constant_value":true},"tags":{"constant_value":{"Name":"data-storage-bucket"}}},"schema_version":0},{"address":"aws_s3_bucket_public_access_block.dag","mode":"managed","type":"aws_s3_bucket_public_access_block","name":"dag","provider_config_key":"aws","expressions":{"block_public_acls":{"constant_value":true},"block_public_policy":{"constant_value":true},"bucket":{"references":["aws_s3_bucket.dag.id","aws_s3_bucket.dag"]},"ignore_public_acls":{"constant_value":true},"restrict_public_buckets":{"constant_value":true}},"schema_version":0},{"address":"aws_s3_bucket_public_access_block.data","mode":"managed","type":"aws_s3_bucket_public_access_block","name":"data","provider_config_key":"aws","expressions":{"block_public_acls":{"constant_value":true},"block_public_policy":{"constant_value":true},"bucket":{"references":["aws_s3_bucket.data.id","aws_s3_bucket.data"]},"ignore_public_acls":{"constant_value":true},"restrict_public_buckets":{"constant_value":true}},"schema_version":0},{"address":"aws_s3_bucket_server_side_encryption_configuration.dag","mode":"managed","type":"aws_s3_bucket_server_side_encryption_configuration","name":"dag","provider_config_key":"aws","expressions":{"bucket":{"references":["aws_s3_bucket.dag.id","aws_s3_bucket.dag"]},"rule":[{"apply_server_side_encryption_by_default":[{"sse_algorithm":{"constant_value":"AES256"}}]}]},"schema_version":0},{"address":"aws_s3_bucket_server_side_encryption_configuration.data","mode":"managed","type":"aws_s3_bucket_server_side_encryption_configuration","name":"data","provider_config_key":"aws","expressions":{"bucket":{"references":["aws_s3_bucket.data.id","aws_s3_bucket.data"]},"rule":[{"apply_server_side_encryption_by_default":[{"sse_algorithm":{"constant_value":"AES256"}}]}]},"schema_version":0},{"address":"aws_s3_bucket_versioning.dag","mode":"managed","type":"aws_s3_bucket_versioning","name":"dag","provider_config_key":"aws","expressions":{"bucket":{"references":["aws_s3_bucket.dag.id","aws_s3_bucket.dag"]},"versioning_configuration":[{"status":{"constant_value":"Enabled"}}]},"schema_version":0},{"address":"aws_s3_bucket_versioning.data","mode":"managed","type":"aws_s3_bucket_versioning","name":"data","provider_config_key":"aws","expressions":{"bucket":{"references":["aws_s3_bucket.data.id","aws_s3_bucket.data"]},"versioning_configuration":[{"status":{"constant_value":"Enabled"}}]},"schema_version":0},{"address":"aws_security_group.lambda","mode":"managed","type":"aws_security_group","name":"lambda","provider_config_key":"aws","expressions":{"description":{"constant_value":"Security group for Lambda functions"},"egress":{"constant_value":[{"cidr_blocks":["0.0.0.0/0"],"description":null,"from_port":0,"ipv6_cidr_blocks":null,"prefix_list_ids":null,"protocol":"-1","security_groups":null,"self":null,"to_port":0}]},"ingress":{"constant_value":[{"cidr_blocks":["0.0.0.0/0"],"description":null,"from_port":0,"ipv6_cidr_blocks":null,"prefix_list_ids":null,"protocol":"-1","security_groups":null,"self":null,"to_port":0}]},"name":{"constant_value":"lambda-sg"},"tags":{"constant_value":{"Name":"lambda-sg"}},"vpc_id":{"references":["aws_vpc.main.id","aws_vpc.main"]}},"schema_version":1},{"address":"aws_security_group.mwaa","mode":"managed","type":"aws_security_group","name":"mwaa","provider_config_key":"aws","expressions":{"description":{"constant_value":"Security group for MWAA"},"egress":{"constant_value":[{"cidr_blocks":["0.0.0.0/0"],"description":null,"from_port":0,"ipv6_cidr_blocks":null,"prefix_list_ids":null,"protocol":"-1","security_groups":null,"self":null,"to_port":0}]},"ingress":{"constant_value":[{"cidr_blocks":["0.0.0.0/0"],"description":null,"from_port":0,"ipv6_cidr_blocks":null,"prefix_list_ids":null,"protocol":"-1","security_groups":null,"self":null,"to_port":0}]},"name":{"constant_value":"mwaa-sg"},"tags":{"constant_value":{"Name":"mwaa-sg"}},"vpc_id":{"references":["aws_vpc.main.id","aws_vpc.main"]}},"schema_version":1},{"address":"aws_subnet.private","mode":"managed","type":"aws_subnet","name":"private","provider_config_key":"aws","expressions":{"availability_zone":{"references":["data.aws_availability_zones.available.names","data.aws_availability_zones.available","count.index"]},"cidr_block":{"references":["var.private_subnet_cidrs","count.index"]},"tags":{"references":["count.index"]},"vpc_id":{"references":["aws_vpc.main.id","aws_vpc.main"]}},"schema_version":1,"count_expression":{"references":["var.private_subnet_cidrs"]}},{"address":"aws_subnet.public","mode":"managed","type":"aws_subnet","name":"public","provider_config_key":"aws","expressions":{"availability_zone":{"references":["data.aws_availability_zones.available.names","data.aws_availability_zones.available","count.index"]},"cidr_block":{"references":["var.public_subnet_cidrs","count.index"]},"map_public_ip_on_launch":{"constant_value":true},"tags":{"references":["count.index"]},"vpc_id":{"references":["aws_vpc.main.id","aws_vpc.main"]}},"schema_version":1,"count_expression":{"references":["var.public_subnet_cidrs"]}},{"address":"aws_vpc.main","mode":"managed","type":"aws_vpc","name":"main","provider_config_key":"aws","expressions":{"cidr_block":{"references":["var.vpc_cidr"]},"enable_dns_hostnames":{"constant_value":true},"enable_dns_support":{"constant_value":true},"tags":{"constant_value":{"Name":"main-vpc"}}},"schema_version":1},{"address":"data.archive_file.lambda_dummy","mode":"data","type":"archive_file","name":"lambda_dummy","provider_config_key":"archive","expressions":{"output_path":{"references":["local.lambda_dummy_zip"]},"source":[{"content":{"constant_value":"exports.handler = async (event) =\u003e {\n  console.log(\"Dummy lambda invoked\");\n  return { statusCode: 200, body: \"dummy\" };\n};\n"},"filename":{"constant_value":"index.js"}}],"type":{"constant_value":"zip"}},"schema_version":0},{"address":"data.aws_availability_zones.available","mode":"data","type":"aws_availability_zones","name":"available","provider_config_key":"aws","schema_version":0},{"address":"data.aws_caller_identity.current","mode":"data","type":"aws_caller_identity","name":"current","provider_config_key":"aws","schema_version":0},{"address":"data.aws_iam_policy_document.lambda_assume_role_policy","mode":"data","type":"aws_iam_policy_document","name":"lambda_assume_role_policy","provider_config_key":"aws","expressions":{"statement":[{"actions":{"constant_value":["sts:AssumeRole"]},"principals":[{"identifiers":{"constant_value":["lambda.amazonaws.com"]},"type":{"constant_value":"Service"}}]}]},"schema_version":0},{"address":"data.aws_iam_policy_document.lambda_policy","mode":"data","type":"aws_iam_policy_document","name":"lambda_policy","provider_config_key":"aws","expressions":{"statement":[{"actions":{"constant_value":["logs:CreateLogGroup","logs:CreateLogStream","logs:PutLogEvents","s3:GetObject","s3:PutObject","s3:ListBucket"]},"resources":{"references":["aws_s3_bucket.dag.arn","aws_s3_bucket.dag","aws_s3_bucket.dag.arn","aws_s3_bucket.dag","aws_s3_bucket.data.arn","aws_s3_bucket.data","aws_s3_bucket.data.arn","aws_s3_bucket.data"]}},{"actions":{"constant_value":["airflow:PublishMetrics","airflow:GetEnvironment","airflow:ListEnvironments"]},"resources":{"constant_value":["*"]}}]},"schema_version":0},{"address":"data.aws_iam_policy_document.mwaa_assume_role_policy","mode":"data","type":"aws_iam_policy_document","name":"mwaa_assume_role_policy","provider_config_key":"aws","expressions":{"statement":[{"actions":{"constant_value":["sts:AssumeRole"]},"principals":[{"identifiers":{"constant_value":["airflow.amazonaws.com"]},"type":{"constant_value":"Service"}}]}]},"schema_version":0},{"address":"data.aws_iam_policy_document.mwaa_policy","mode":"data","type":"aws_iam_policy_document","name":"mwaa_policy","provider_config_key":"aws","expressions":{"statement":[{"actions":{"constant_value":["s3:GetObject","s3:ListBucket","logs:CreateLogGroup","logs:CreateLogStream","logs:PutLogEvents","lambda:InvokeFunction"]},"resources":{"references":["aws_s3_bucket.dag.arn","aws_s3_bucket.dag","aws_s3_bucket.dag.arn","aws_s3_bucket.dag","aws_s3_bucket.data.arn","aws_s3_bucket.data","aws_s3_bucket.data.arn","aws_s3_bucket.data","aws_lambda_function.trigger_dag.arn","aws_lambda_function.trigger_dag"]}}]},"schema_version":0},{"address":"data.aws_region.current","mode":"data","type":"aws_region","name":"current","provider_config_key":"aws","schema_version":0}],"variables":{"aws_region":{"default":"us-east-1","description":"AWS region to deploy resources in."},"dag_s3_bucket_name":{"description":"Name for the S3 bucket to store Airflow DAGs."},"data_s3_bucket_name":{"description":"Name for the S3 bucket to store data."},"lambda_function_name":{"description":"Name for the Lambda function."},"lambda_s3_bucket":{"description":"S3 bucket for the Lambda deployment package."},"lambda_s3_key":{"description":"S3 key for the Lambda deployment package."},"private_subnet_cidrs":{"default":["10.0.101.0/24","10.0.102.0/24"],"description":"List of private subnet CIDR blocks."},"public_subnet_cidrs":{"default":["10.0.1.0/24","10.0.2.0/24"],"description":"List of public subnet CIDR blocks."},"vpc_cidr":{"default":"10.0.0.0/16","description":"CIDR block for the VPC."}}}},"relevant_attributes":[{"resource":"aws_iam_role.mwaa","attribute":["arn"]},{"resource":"aws_internet_gateway.main","attribute":["id"]},{"resource":"data.aws_iam_policy_document.lambda_policy","attribute":["json"]},{"resource":"aws_s3_bucket.data","attribute":["bucket"]},{"resource":"aws_route_table.private","attribute":["id"]},{"resource":"data.aws_availability_zones.available","attribute":["names"]},{"resource":"aws_iam_role.lambda","attribute":["id"]},{"resource":"aws_s3_bucket.dag","attribute":["arn"]},{"resource":"aws_s3_bucket.dag","attribute":["bucket"]},{"resource":"data.aws_iam_policy_document.mwaa_policy","attribute":["json"]},{"resource":"aws_lambda_function.trigger_dag","attribute":["arn"]},{"resource":"aws_nat_gateway.main","attribute":["id"]},{"resource":"aws_subnet.public[0]","attribute":["id"]},{"resource":"aws_iam_role.lambda","attribute":["arn"]},{"resource":"aws_subnet.private","attribute":[]},{"resource":"aws_security_group.lambda","attribute":["id"]},{"resource":"aws_s3_bucket.dag","attribute":["id"]},{"resource":"aws_s3_bucket.data","attribute":["id"]},{"resource":"aws_security_group.mwaa","attribute":["id"]},{"resource":"aws_iam_role.mwaa","attribute":["id"]},{"resource":"aws_s3_bucket.data","attribute":["arn"]},{"resource":"data.aws_iam_policy_document.lambda_assume_role_policy","attribute":["json"]},{"resource":"aws_mwaa_environment.main","attribute":["arn"]},{"resource":"data.aws_iam_policy_document.mwaa_assume_role_policy","attribute":["json"]},{"resource":"aws_route_table.public","attribute":["id"]},{"resource":"aws_vpc.main","attribute":["id"]},{"resource":"aws_eip.nat","attribute":["id"]},{"resource":"aws_subnet.public","attribute":[]}],"timestamp":"2025-12-22T18:28:43Z","applyable":true,"complete":true,"errored":false}
