
Terraform used the selected providers to generate the following execution
plan. Resource actions are indicated with the following symbols:
  + create

Terraform will perform the following actions:

  # aws_iam_group.group will be created
  + resource "aws_iam_group" "group" {
      + arn       = (known after apply)
      + id        = (known after apply)
      + name      = "prod-ci-group-"
      + path      = "/"
      + unique_id = (known after apply)
    }

  # aws_iam_group_policy_attachment.policy_attachment will be created
  + resource "aws_iam_group_policy_attachment" "policy_attachment" {
      + group      = "prod-ci-group-"
      + id         = (known after apply)
      + policy_arn = (known after apply)
    }

  # aws_iam_policy.policy will be created
  + resource "aws_iam_policy" "policy" {
      + arn              = (known after apply)
      + attachment_count = (known after apply)
      + description      = "Policy allowing users/entities to assume the role"
      + id               = (known after apply)
      + name             = "prod-ci-policy-"
      + name_prefix      = (known after apply)
      + path             = "/"
      + policy           = (known after apply)
      + policy_id        = (known after apply)
      + tags_all         = (known after apply)
    }

  # aws_iam_role.role will be created
  + resource "aws_iam_role" "role" {
      + arn                   = (known after apply)
      + assume_role_policy    = jsonencode(
            {
              + Statement = [
                  + {
                      + Action    = "sts:AssumeRole"
                      + Effect    = "Allow"
                      + Principal = {
                          + AWS = "*"
                        }
                    },
                ]
              + Version   = "2012-10-17"
            }
        )
      + create_date           = (known after apply)
      + force_detach_policies = false
      + id                    = (known after apply)
      + managed_policy_arns   = (known after apply)
      + max_session_duration  = 3600
      + name                  = "prod-ci-role-"
      + name_prefix           = (known after apply)
      + path                  = "/"
      + tags_all              = (known after apply)
      + unique_id             = (known after apply)

      + inline_policy (known after apply)
    }

  # aws_iam_user.user will be created
  + resource "aws_iam_user" "user" {
      + arn           = (known after apply)
      + force_destroy = false
      + id            = (known after apply)
      + name          = "prod-ci-user-"
      + path          = "/"
      + tags_all      = (known after apply)
      + unique_id     = (known after apply)
    }

  # aws_iam_user_group_membership.example1 will be created
  + resource "aws_iam_user_group_membership" "example1" {
      + groups = [
          + "prod-ci-group-",
        ]
      + id     = (known after apply)
      + user   = "prod-ci-user-"
    }

Plan: 6 to add, 0 to change, 0 to destroy.
aws_iam_user.user: Creating...
aws_iam_group.group: Creating...
aws_iam_role.role: Creating...
aws_iam_user.user: Creation complete after 1s [id=prod-ci-user-]
aws_iam_group.group: Creation complete after 1s [id=prod-ci-group-]
aws_iam_role.role: Creation complete after 1s [id=prod-ci-role-]
aws_iam_user_group_membership.example1: Creating...
aws_iam_policy.policy: Creating...
aws_iam_user_group_membership.example1: Creation complete after 0s [id=terraform-20260125190733032400000001]
aws_iam_policy.policy: Creation complete after 0s [id=arn:aws:iam::000000000000:policy/prod-ci-policy-]
aws_iam_group_policy_attachment.policy_attachment: Creating...
aws_iam_group_policy_attachment.policy_attachment: Creation complete after 0s [id=prod-ci-group--20260125190733053800000002]

Apply complete! Resources: 6 added, 0 changed, 0 destroyed.
