{"format_version":"1.2","terraform_version":"1.13.5","variables":{"name_suffix":{"value":""}},"planned_values":{"root_module":{"resources":[{"address":"aws_iam_group.group","mode":"managed","type":"aws_iam_group","name":"group","provider_name":"registry.terraform.io/hashicorp/aws","schema_version":0,"values":{"name":"prod-ci-group-","path":"/"},"sensitive_values":{}},{"address":"aws_iam_group_policy_attachment.policy_attachment","mode":"managed","type":"aws_iam_group_policy_attachment","name":"policy_attachment","provider_name":"registry.terraform.io/hashicorp/aws","schema_version":0,"values":{"group":"prod-ci-group-"},"sensitive_values":{}},{"address":"aws_iam_policy.policy","mode":"managed","type":"aws_iam_policy","name":"policy","provider_name":"registry.terraform.io/hashicorp/aws","schema_version":0,"values":{"description":"Policy allowing users/entities to assume the role","name":"prod-ci-policy-","path":"/","tags":null},"sensitive_values":{"tags_all":{}},"identity_schema_version":0,"identity":{"arn":null}},{"address":"aws_iam_role.role","mode":"managed","type":"aws_iam_role","name":"role","provider_name":"registry.terraform.io/hashicorp/aws","schema_version":0,"values":{"assume_role_policy":"{\"Statement\":[{\"Action\":\"sts:AssumeRole\",\"Effect\":\"Allow\",\"Principal\":{\"AWS\":\"*\"}}],\"Version\":\"2012-10-17\"}","description":null,"force_detach_policies":false,"max_session_duration":3600,"name":"prod-ci-role-","path":"/","permissions_boundary":null,"tags":null},"sensitive_values":{"inline_policy":[],"managed_policy_arns":[],"tags_all":{}},"identity_schema_version":0,"identity":{"account_id":null,"name":null}},{"address":"aws_iam_user.user","mode":"managed","type":"aws_iam_user","name":"user","provider_name":"registry.terraform.io/hashicorp/aws","schema_version":0,"values":{"force_destroy":false,"name":"prod-ci-user-","path":"/","permissions_boundary":null,"tags":null},"sensitive_values":{"tags_all":{}}},{"address":"aws_iam_user_group_membership.example1","mode":"managed","type":"aws_iam_user_group_membership","name":"example1","provider_name":"registry.terraform.io/hashicorp/aws","schema_version":0,"values":{"groups":["prod-ci-group-"],"user":"prod-ci-user-"},"sensitive_values":{"groups":[false]}}]}},"resource_changes":[{"address":"aws_iam_group.group","mode":"managed","type":"aws_iam_group","name":"group","provider_name":"registry.terraform.io/hashicorp/aws","change":{"actions":["create"],"before":null,"after":{"name":"prod-ci-group-","path":"/"},"after_unknown":{"arn":true,"id":true,"unique_id":true},"before_sensitive":false,"after_sensitive":{}}},{"address":"aws_iam_group_policy_attachment.policy_attachment","mode":"managed","type":"aws_iam_group_policy_attachment","name":"policy_attachment","provider_name":"registry.terraform.io/hashicorp/aws","change":{"actions":["create"],"before":null,"after":{"group":"prod-ci-group-"},"after_unknown":{"id":true,"policy_arn":true},"before_sensitive":false,"after_sensitive":{}}},{"address":"aws_iam_policy.policy","mode":"managed","type":"aws_iam_policy","name":"policy","provider_name":"registry.terraform.io/hashicorp/aws","change":{"actions":["create"],"before":null,"after":{"description":"Policy allowing users/entities to assume the role","name":"prod-ci-policy-","path":"/","tags":null},"after_unknown":{"arn":true,"attachment_count":true,"id":true,"name_prefix":true,"policy":true,"policy_id":true,"tags_all":true},"before_sensitive":false,"after_sensitive":{"tags_all":{}},"after_identity":{"arn":null}}},{"address":"aws_iam_role.role","mode":"managed","type":"aws_iam_role","name":"role","provider_name":"registry.terraform.io/hashicorp/aws","change":{"actions":["create"],"before":null,"after":{"assume_role_policy":"{\"Statement\":[{\"Action\":\"sts:AssumeRole\",\"Effect\":\"Allow\",\"Principal\":{\"AWS\":\"*\"}}],\"Version\":\"2012-10-17\"}","description":null,"force_detach_policies":false,"max_session_duration":3600,"name":"prod-ci-role-","path":"/","permissions_boundary":null,"tags":null},"after_unknown":{"arn":true,"create_date":true,"id":true,"inline_policy":true,"managed_policy_arns":true,"name_prefix":true,"tags_all":true,"unique_id":true},"before_sensitive":false,"after_sensitive":{"inline_policy":[],"managed_policy_arns":[],"tags_all":{}},"after_identity":{"account_id":null,"name":null}}},{"address":"aws_iam_user.user","mode":"managed","type":"aws_iam_user","name":"user","provider_name":"registry.terraform.io/hashicorp/aws","change":{"actions":["create"],"before":null,"after":{"force_destroy":false,"name":"prod-ci-user-","path":"/","permissions_boundary":null,"tags":null},"after_unknown":{"arn":true,"id":true,"tags_all":true,"unique_id":true},"before_sensitive":false,"after_sensitive":{"tags_all":{}}}},{"address":"aws_iam_user_group_membership.example1","mode":"managed","type":"aws_iam_user_group_membership","name":"example1","provider_name":"registry.terraform.io/hashicorp/aws","change":{"actions":["create"],"before":null,"after":{"groups":["prod-ci-group-"],"user":"prod-ci-user-"},"after_unknown":{"groups":[false],"id":true},"before_sensitive":false,"after_sensitive":{"groups":[false]}}}],"configuration":{"provider_config":{"archive":{"name":"archive","full_name":"registry.terraform.io/hashicorp/archive","version_constraint":"\u003e= 2.0.0"},"aws":{"name":"aws","full_name":"registry.terraform.io/hashicorp/aws","version_constraint":"~\u003e 6.27.0","expressions":{"access_key":{"constant_value":"mock"},"endpoints":[{"apigateway":{"constant_value":"http://localhost:4566"},"apigatewayv2":{"constant_value":"http://localhost:4566"},"cloudwatch":{"constant_value":"http://localhost:4566"},"cloudwatchevents":{"constant_value":"http://localhost:4566"},"dynamodb":{"constant_value":"http://localhost:4566"},"ec2":{"constant_value":"http://localhost:4566"},"ecr":{"constant_value":"http://localhost:4566"},"ecrpublic":{"constant_value":"http://localhost:4566"},"ecs":{"constant_value":"http://localhost:4566"},"efs":{"constant_value":"http://localhost:4566"},"iam":{"constant_value":"http://localhost:4566"},"kinesis":{"constant_value":"http://localhost:4566"},"kms":{"constant_value":"http://localhost:4566"},"lambda":{"constant_value":"http://localhost:4566"},"logs":{"constant_value":"http://localhost:4566"},"route53":{"constant_value":"http://localhost:4566"},"s3":{"constant_value":"http://localhost:4566"},"s3control":{"constant_value":"http://localhost:4566"},"secretsmanager":{"constant_value":"http://localhost:4566"},"sns":{"constant_value":"http://localhost:4566"},"sqs":{"constant_value":"http://localhost:4566"},"ssm":{"constant_value":"http://localhost:4566"},"sts":{"constant_value":"http://localhost:4566"}}],"region":{"constant_value":"us-east-1"},"s3_use_path_style":{"constant_value":true},"secret_key":{"constant_value":"mock"},"skip_credentials_validation":{"constant_value":true},"skip_metadata_api_check":{"constant_value":true},"skip_region_validation":{"constant_value":true},"skip_requesting_account_id":{"constant_value":true}}}},"root_module":{"resources":[{"address":"aws_iam_group.group","mode":"managed","type":"aws_iam_group","name":"group","provider_config_key":"aws","expressions":{"name":{"references":["var.name_suffix"]}},"schema_version":0},{"address":"aws_iam_group_policy_attachment.policy_attachment","mode":"managed","type":"aws_iam_group_policy_attachment","name":"policy_attachment","provider_config_key":"aws","expressions":{"group":{"references":["aws_iam_group.group.name","aws_iam_group.group"]},"policy_arn":{"references":["aws_iam_policy.policy.arn","aws_iam_policy.policy"]}},"schema_version":0},{"address":"aws_iam_policy.policy","mode":"managed","type":"aws_iam_policy","name":"policy","provider_config_key":"aws","expressions":{"description":{"constant_value":"Policy allowing users/entities to assume the role"},"name":{"references":["var.name_suffix"]},"policy":{"references":["aws_iam_role.role.arn","aws_iam_role.role"]}},"schema_version":0},{"address":"aws_iam_role.role","mode":"managed","type":"aws_iam_role","name":"role","provider_config_key":"aws","expressions":{"assume_role_policy":{},"name":{"references":["var.name_suffix"]}},"schema_version":0},{"address":"aws_iam_user.user","mode":"managed","type":"aws_iam_user","name":"user","provider_config_key":"aws","expressions":{"name":{"references":["var.name_suffix"]}},"schema_version":0},{"address":"aws_iam_user_group_membership.example1","mode":"managed","type":"aws_iam_user_group_membership","name":"example1","provider_config_key":"aws","expressions":{"groups":{"references":["aws_iam_group.group.name","aws_iam_group.group"]},"user":{"references":["aws_iam_user.user.name","aws_iam_user.user"]}},"schema_version":0}],"variables":{"name_suffix":{"default":"","description":"Suffix to be appended to resource names"}}}},"relevant_attributes":[{"resource":"aws_iam_group.group","attribute":["name"]},{"resource":"aws_iam_policy.policy","attribute":["arn"]},{"resource":"aws_iam_role.role","attribute":["arn"]},{"resource":"aws_iam_user.user","attribute":["name"]}],"timestamp":"2026-01-25T19:07:24Z","applyable":true,"complete":true,"errored":false}
