{"format_version":"1.2","terraform_version":"1.13.5","variables":{"aws_region":{"value":"us-east-1"}},"planned_values":{"outputs":{"ecr_repository_url":{"sensitive":false}},"root_module":{"resources":[{"address":"aws_ecr_repository.my_repository","mode":"managed","type":"aws_ecr_repository","name":"my_repository","provider_name":"registry.terraform.io/hashicorp/aws","schema_version":0,"values":{"encryption_configuration":[],"force_delete":null,"image_scanning_configuration":[],"image_tag_mutability":"MUTABLE","name":"my-ecr-repo","tags":null,"timeouts":null},"sensitive_values":{"encryption_configuration":[],"image_scanning_configuration":[],"tags_all":{}}},{"address":"aws_eks_cluster.nawy-eks-cluster","mode":"managed","type":"aws_eks_cluster","name":"nawy-eks-cluster","provider_name":"registry.terraform.io/hashicorp/aws","schema_version":1,"values":{"bootstrap_self_managed_addons":true,"compute_config":[],"enabled_cluster_log_types":null,"encryption_config":[],"force_update_version":null,"name":"nawy-eks-cluster","outpost_config":[],"remote_network_config":[],"storage_config":[],"tags":null,"timeouts":null,"vpc_config":[{"endpoint_private_access":false,"endpoint_public_access":true,"security_group_ids":null}],"zonal_shift_config":[]},"sensitive_values":{"access_config":[],"certificate_authority":[],"compute_config":[],"encryption_config":[],"identity":[],"kubernetes_network_config":[],"outpost_config":[],"remote_network_config":[],"storage_config":[],"tags_all":{},"upgrade_policy":[],"vpc_config":[{"public_access_cidrs":[],"subnet_ids":[]}],"zonal_shift_config":[]}},{"address":"aws_eks_node_group.nawy_node_group","mode":"managed","type":"aws_eks_node_group","name":"nawy_node_group","provider_name":"registry.terraform.io/hashicorp/aws","schema_version":0,"values":{"capacity_type":"ON_DEMAND","cluster_name":"nawy-eks-cluster","disk_size":20,"force_update_version":null,"instance_types":["t2.small"],"labels":null,"launch_template":[],"node_group_name":"nawy-eks-node-group","remote_access":[],"scaling_config":[{"desired_size":2,"max_size":3,"min_size":1}],"tags":{"Name":"nawy-eks-instance"},"tags_all":{"Name":"nawy-eks-instance"},"taint":[],"timeouts":null,"update_config":[{"max_unavailable":1,"max_unavailable_percentage":null}]},"sensitive_values":{"instance_types":[false],"launch_template":[],"node_repair_config":[],"remote_access":[],"resources":[],"scaling_config":[{}],"subnet_ids":[],"tags":{},"tags_all":{},"taint":[],"update_config":[{}]}},{"address":"aws_iam_instance_profile.worker","mode":"managed","type":"aws_iam_instance_profile","name":"worker","provider_name":"registry.terraform.io/hashicorp/aws","schema_version":0,"values":{"name":"ed-eks-worker-new-profile","path":"/","role":"ed-eks-worker","tags":null},"sensitive_values":{"tags_all":{}}},{"address":"aws_iam_policy.autoscaler","mode":"managed","type":"aws_iam_policy","name":"autoscaler","provider_name":"registry.terraform.io/hashicorp/aws","schema_version":0,"values":{"description":null,"name":"ed-eks-autoscaler-policy","path":"/","policy":"{\"Statement\":[{\"Action\":[\"autoscaling:DescribeAutoScalingGroups\",\"autoscaling:DescribeAutoScalingInstances\",\"autoscaling:DescribeTags\",\"autoscaling:DescribeLaunchConfigurations\",\"autoscaling:SetDesiredCapacity\",\"autoscaling:TerminateInstanceInAutoScalingGroup\",\"ec2:DescribeLaunchTemplateVersions\"],\"Effect\":\"Allow\",\"Resource\":\"*\"}],\"Version\":\"2012-10-17\"}","tags":null},"sensitive_values":{"tags_all":{}}},{"address":"aws_iam_role.master","mode":"managed","type":"aws_iam_role","name":"master","provider_name":"registry.terraform.io/hashicorp/aws","schema_version":0,"values":{"assume_role_policy":"{\"Statement\":[{\"Action\":\"sts:AssumeRole\",\"Effect\":\"Allow\",\"Principal\":{\"Service\":\"eks.amazonaws.com\"}}],\"Version\":\"2012-10-17\"}","description":null,"force_detach_policies":false,"max_session_duration":3600,"name":"iam_role_eks_master","path":"/","permissions_boundary":null,"tags":null},"sensitive_values":{"inline_policy":[],"managed_policy_arns":[],"tags_all":{}}},{"address":"aws_iam_role.worker","mode":"managed","type":"aws_iam_role","name":"worker","provider_name":"registry.terraform.io/hashicorp/aws","schema_version":0,"values":{"assume_role_policy":"{\"Statement\":[{\"Action\":\"sts:AssumeRole\",\"Effect\":\"Allow\",\"Principal\":{\"Service\":\"ec2.amazonaws.com\"}}],\"Version\":\"2012-10-17\"}","description":null,"force_detach_policies":false,"max_session_duration":3600,"name":"ed-eks-worker","path":"/","permissions_boundary":null,"tags":null},"sensitive_values":{"inline_policy":[],"managed_policy_arns":[],"tags_all":{}}},{"address":"aws_iam_role_policy_attachment.AmazonEC2ContainerRegistryReadOnly","mode":"managed","type":"aws_iam_role_policy_attachment","name":"AmazonEC2ContainerRegistryReadOnly","provider_name":"registry.terraform.io/hashicorp/aws","schema_version":0,"values":{"policy_arn":"arn:aws:iam::aws:policy/AmazonEC2ContainerRegistryReadOnly","role":"ed-eks-worker"},"sensitive_values":{}},{"address":"aws_iam_role_policy_attachment.AmazonEKSClusterPolicy","mode":"managed","type":"aws_iam_role_policy_attachment","name":"AmazonEKSClusterPolicy","provider_name":"registry.terraform.io/hashicorp/aws","schema_version":0,"values":{"policy_arn":"arn:aws:iam::aws:policy/AmazonEKSClusterPolicy","role":"iam_role_eks_master"},"sensitive_values":{}},{"address":"aws_iam_role_policy_attachment.AmazonEKSServicePolicy","mode":"managed","type":"aws_iam_role_policy_attachment","name":"AmazonEKSServicePolicy","provider_name":"registry.terraform.io/hashicorp/aws","schema_version":0,"values":{"policy_arn":"arn:aws:iam::aws:policy/AmazonEKSServicePolicy","role":"iam_role_eks_master"},"sensitive_values":{}},{"address":"aws_iam_role_policy_attachment.AmazonEKSVPCResourceController","mode":"managed","type":"aws_iam_role_policy_attachment","name":"AmazonEKSVPCResourceController","provider_name":"registry.terraform.io/hashicorp/aws","schema_version":0,"values":{"policy_arn":"arn:aws:iam::aws:policy/AmazonEKSVPCResourceController","role":"iam_role_eks_master"},"sensitive_values":{}},{"address":"aws_iam_role_policy_attachment.AmazonEKSWorkerNodePolicy","mode":"managed","type":"aws_iam_role_policy_attachment","name":"AmazonEKSWorkerNodePolicy","provider_name":"registry.terraform.io/hashicorp/aws","schema_version":0,"values":{"policy_arn":"arn:aws:iam::aws:policy/AmazonEKSWorkerNodePolicy","role":"ed-eks-worker"},"sensitive_values":{}},{"address":"aws_iam_role_policy_attachment.AmazonEKS_CNI_Policy","mode":"managed","type":"aws_iam_role_policy_attachment","name":"AmazonEKS_CNI_Policy","provider_name":"registry.terraform.io/hashicorp/aws","schema_version":0,"values":{"policy_arn":"arn:aws:iam::aws:policy/AmazonEKS_CNI_Policy","role":"ed-eks-worker"},"sensitive_values":{}},{"address":"aws_iam_role_policy_attachment.AmazonSSMManagedInstanceCore","mode":"managed","type":"aws_iam_role_policy_attachment","name":"AmazonSSMManagedInstanceCore","provider_name":"registry.terraform.io/hashicorp/aws","schema_version":0,"values":{"policy_arn":"arn:aws:iam::aws:policy/AmazonSSMManagedInstanceCore","role":"ed-eks-worker"},"sensitive_values":{}},{"address":"aws_internet_gateway.igw","mode":"managed","type":"aws_internet_gateway","name":"igw","provider_name":"registry.terraform.io/hashicorp/aws","schema_version":0,"values":{"tags":{"Name":"my_igw"},"tags_all":{"Name":"my_igw"},"timeouts":null},"sensitive_values":{"tags":{},"tags_all":{}}},{"address":"aws_route_table.rtb","mode":"managed","type":"aws_route_table","name":"rtb","provider_name":"registry.terraform.io/hashicorp/aws","schema_version":0,"values":{"route":[{"carrier_gateway_id":"","cidr_block":"0.0.0.0/0","core_network_arn":"","destination_prefix_list_id":"","egress_only_gateway_id":"","ipv6_cidr_block":"","local_gateway_id":"","nat_gateway_id":"","network_interface_id":"","transit_gateway_id":"","vpc_endpoint_id":"","vpc_peering_connection_id":""}],"tags":{"Name":"MyRoute"},"tags_all":{"Name":"MyRoute"},"timeouts":null},"sensitive_values":{"propagating_vgws":[],"route":[{}],"tags":{},"tags_all":{}}},{"address":"aws_route_table_association.rt_ass1","mode":"managed","type":"aws_route_table_association","name":"rt_ass1","provider_name":"registry.terraform.io/hashicorp/aws","schema_version":0,"values":{"gateway_id":null,"timeouts":null},"sensitive_values":{}},{"address":"aws_route_table_association.rt_ass2","mode":"managed","type":"aws_route_table_association","name":"rt_ass2","provider_name":"registry.terraform.io/hashicorp/aws","schema_version":0,"values":{"gateway_id":null,"timeouts":null},"sensitive_values":{}},{"address":"aws_security_group.allow_ssh","mode":"managed","type":"aws_security_group","name":"allow_ssh","provider_name":"registry.terraform.io/hashicorp/aws","schema_version":1,"values":{"description":"Managed by Terraform","egress":[{"cidr_blocks":["0.0.0.0/0"],"description":"","from_port":0,"ipv6_cidr_blocks":[],"prefix_list_ids":[],"protocol":"-1","security_groups":[],"self":false,"to_port":0}],"ingress":[{"cidr_blocks":["0.0.0.0/0"],"description":"allow_ssh","from_port":22,"ipv6_cidr_blocks":[],"prefix_list_ids":[],"protocol":"tcp","security_groups":[],"self":false,"to_port":22}],"name":"allow_ssh","revoke_rules_on_delete":false,"tags":{"Name":"allow_ssh"},"tags_all":{"Name":"allow_ssh"},"timeouts":null},"sensitive_values":{"egress":[{"cidr_blocks":[false],"ipv6_cidr_blocks":[],"prefix_list_ids":[],"security_groups":[]}],"ingress":[{"cidr_blocks":[false],"ipv6_cidr_blocks":[],"prefix_list_ids":[],"security_groups":[]}],"tags":{},"tags_all":{}}},{"address":"aws_subnet.public_sub1","mode":"managed","type":"aws_subnet","name":"public_sub1","provider_name":"registry.terraform.io/hashicorp/aws","schema_version":1,"values":{"assign_ipv6_address_on_creation":false,"availability_zone":"us-east-1a","cidr_block":"10.0.1.0/24","customer_owned_ipv4_pool":null,"enable_dns64":false,"enable_lni_at_device_index":null,"enable_resource_name_dns_a_record_on_launch":false,"enable_resource_name_dns_aaaa_record_on_launch":false,"ipv6_cidr_block":null,"ipv6_native":false,"map_customer_owned_ip_on_launch":null,"map_public_ip_on_launch":true,"outpost_arn":null,"tags":{"Name":"public_sub1"},"tags_all":{"Name":"public_sub1"},"timeouts":null},"sensitive_values":{"tags":{},"tags_all":{}}},{"address":"aws_subnet.public_sub2","mode":"managed","type":"aws_subnet","name":"public_sub2","provider_name":"registry.terraform.io/hashicorp/aws","schema_version":1,"values":{"assign_ipv6_address_on_creation":false,"availability_zone":"us-east-1b","cidr_block":"10.0.2.0/24","customer_owned_ipv4_pool":null,"enable_dns64":false,"enable_lni_at_device_index":null,"enable_resource_name_dns_a_record_on_launch":false,"enable_resource_name_dns_aaaa_record_on_launch":false,"ipv6_cidr_block":null,"ipv6_native":false,"map_customer_owned_ip_on_launch":null,"map_public_ip_on_launch":true,"outpost_arn":null,"tags":{"Name":"public_sub2"},"tags_all":{"Name":"public_sub2"},"timeouts":null},"sensitive_values":{"tags":{},"tags_all":{}}},{"address":"aws_vpc.my_vpc","mode":"managed","type":"aws_vpc","name":"my_vpc","provider_name":"registry.terraform.io/hashicorp/aws","schema_version":1,"values":{"assign_generated_ipv6_cidr_block":null,"cidr_block":"10.0.0.0/16","enable_dns_hostnames":true,"enable_dns_support":true,"instance_tenancy":"default","ipv4_ipam_pool_id":null,"ipv4_netmask_length":null,"ipv6_ipam_pool_id":null,"ipv6_netmask_length":null,"tags":{"Name":"My VPC"},"tags_all":{"Name":"My VPC"}},"sensitive_values":{"tags":{},"tags_all":{}}}]}},"resource_changes":[{"address":"aws_ecr_repository.my_repository","mode":"managed","type":"aws_ecr_repository","name":"my_repository","provider_name":"registry.terraform.io/hashicorp/aws","change":{"actions":["create"],"before":null,"after":{"encryption_configuration":[],"force_delete":null,"image_scanning_configuration":[],"image_tag_mutability":"MUTABLE","name":"my-ecr-repo","tags":null,"timeouts":null},"after_unknown":{"arn":true,"encryption_configuration":[],"id":true,"image_scanning_configuration":[],"registry_id":true,"repository_url":true,"tags_all":true},"before_sensitive":false,"after_sensitive":{"encryption_configuration":[],"image_scanning_configuration":[],"tags_all":{}}}},{"address":"aws_eks_cluster.nawy-eks-cluster","mode":"managed","type":"aws_eks_cluster","name":"nawy-eks-cluster","provider_name":"registry.terraform.io/hashicorp/aws","change":{"actions":["create"],"before":null,"after":{"bootstrap_self_managed_addons":true,"compute_config":[],"enabled_cluster_log_types":null,"encryption_config":[],"force_update_version":null,"name":"nawy-eks-cluster","outpost_config":[],"remote_network_config":[],"storage_config":[],"tags":null,"timeouts":null,"vpc_config":[{"endpoint_private_access":false,"endpoint_public_access":true,"security_group_ids":null}],"zonal_shift_config":[]},"after_unknown":{"access_config":true,"arn":true,"certificate_authority":true,"cluster_id":true,"compute_config":[],"created_at":true,"encryption_config":[],"endpoint":true,"id":true,"identity":true,"kubernetes_network_config":true,"outpost_config":[],"platform_version":true,"remote_network_config":[],"role_arn":true,"status":true,"storage_config":[],"tags_all":true,"upgrade_policy":true,"version":true,"vpc_config":[{"cluster_security_group_id":true,"public_access_cidrs":true,"subnet_ids":true,"vpc_id":true}],"zonal_shift_config":[]},"before_sensitive":false,"after_sensitive":{"access_config":[],"certificate_authority":[],"compute_config":[],"encryption_config":[],"identity":[],"kubernetes_network_config":[],"outpost_config":[],"remote_network_config":[],"storage_config":[],"tags_all":{},"upgrade_policy":[],"vpc_config":[{"public_access_cidrs":[],"subnet_ids":[]}],"zonal_shift_config":[]}}},{"address":"aws_eks_node_group.nawy_node_group","mode":"managed","type":"aws_eks_node_group","name":"nawy_node_group","provider_name":"registry.terraform.io/hashicorp/aws","change":{"actions":["create"],"before":null,"after":{"capacity_type":"ON_DEMAND","cluster_name":"nawy-eks-cluster","disk_size":20,"force_update_version":null,"instance_types":["t2.small"],"labels":null,"launch_template":[],"node_group_name":"nawy-eks-node-group","remote_access":[],"scaling_config":[{"desired_size":2,"max_size":3,"min_size":1}],"tags":{"Name":"nawy-eks-instance"},"tags_all":{"Name":"nawy-eks-instance"},"taint":[],"timeouts":null,"update_config":[{"max_unavailable":1,"max_unavailable_percentage":null}]},"after_unknown":{"ami_type":true,"arn":true,"id":true,"instance_types":[false],"launch_template":[],"node_group_name_prefix":true,"node_repair_config":true,"node_role_arn":true,"release_version":true,"remote_access":[],"resources":true,"scaling_config":[{}],"status":true,"subnet_ids":true,"tags":{},"tags_all":{},"taint":[],"update_config":[{}],"version":true},"before_sensitive":false,"after_sensitive":{"instance_types":[false],"launch_template":[],"node_repair_config":[],"remote_access":[],"resources":[],"scaling_config":[{}],"subnet_ids":[],"tags":{},"tags_all":{},"taint":[],"update_config":[{}]}}},{"address":"aws_iam_instance_profile.worker","mode":"managed","type":"aws_iam_instance_profile","name":"worker","provider_name":"registry.terraform.io/hashicorp/aws","change":{"actions":["create"],"before":null,"after":{"name":"ed-eks-worker-new-profile","path":"/","role":"ed-eks-worker","tags":null},"after_unknown":{"arn":true,"create_date":true,"id":true,"name_prefix":true,"tags_all":true,"unique_id":true},"before_sensitive":false,"after_sensitive":{"tags_all":{}}}},{"address":"aws_iam_policy.autoscaler","mode":"managed","type":"aws_iam_policy","name":"autoscaler","provider_name":"registry.terraform.io/hashicorp/aws","change":{"actions":["create"],"before":null,"after":{"description":null,"name":"ed-eks-autoscaler-policy","path":"/","policy":"{\"Statement\":[{\"Action\":[\"autoscaling:DescribeAutoScalingGroups\",\"autoscaling:DescribeAutoScalingInstances\",\"autoscaling:DescribeTags\",\"autoscaling:DescribeLaunchConfigurations\",\"autoscaling:SetDesiredCapacity\",\"autoscaling:TerminateInstanceInAutoScalingGroup\",\"ec2:DescribeLaunchTemplateVersions\"],\"Effect\":\"Allow\",\"Resource\":\"*\"}],\"Version\":\"2012-10-17\"}","tags":null},"after_unknown":{"arn":true,"attachment_count":true,"id":true,"name_prefix":true,"policy_id":true,"tags_all":true},"before_sensitive":false,"after_sensitive":{"tags_all":{}}}},{"address":"aws_iam_role.master","mode":"managed","type":"aws_iam_role","name":"master","provider_name":"registry.terraform.io/hashicorp/aws","change":{"actions":["create"],"before":null,"after":{"assume_role_policy":"{\"Statement\":[{\"Action\":\"sts:AssumeRole\",\"Effect\":\"Allow\",\"Principal\":{\"Service\":\"eks.amazonaws.com\"}}],\"Version\":\"2012-10-17\"}","description":null,"force_detach_policies":false,"max_session_duration":3600,"name":"iam_role_eks_master","path":"/","permissions_boundary":null,"tags":null},"after_unknown":{"arn":true,"create_date":true,"id":true,"inline_policy":true,"managed_policy_arns":true,"name_prefix":true,"tags_all":true,"unique_id":true},"before_sensitive":false,"after_sensitive":{"inline_policy":[],"managed_policy_arns":[],"tags_all":{}}}},{"address":"aws_iam_role.worker","mode":"managed","type":"aws_iam_role","name":"worker","provider_name":"registry.terraform.io/hashicorp/aws","change":{"actions":["create"],"before":null,"after":{"assume_role_policy":"{\"Statement\":[{\"Action\":\"sts:AssumeRole\",\"Effect\":\"Allow\",\"Principal\":{\"Service\":\"ec2.amazonaws.com\"}}],\"Version\":\"2012-10-17\"}","description":null,"force_detach_policies":false,"max_session_duration":3600,"name":"ed-eks-worker","path":"/","permissions_boundary":null,"tags":null},"after_unknown":{"arn":true,"create_date":true,"id":true,"inline_policy":true,"managed_policy_arns":true,"name_prefix":true,"tags_all":true,"unique_id":true},"before_sensitive":false,"after_sensitive":{"inline_policy":[],"managed_policy_arns":[],"tags_all":{}}}},{"address":"aws_iam_role_policy_attachment.AmazonEC2ContainerRegistryReadOnly","mode":"managed","type":"aws_iam_role_policy_attachment","name":"AmazonEC2ContainerRegistryReadOnly","provider_name":"registry.terraform.io/hashicorp/aws","change":{"actions":["create"],"before":null,"after":{"policy_arn":"arn:aws:iam::aws:policy/AmazonEC2ContainerRegistryReadOnly","role":"ed-eks-worker"},"after_unknown":{"id":true},"before_sensitive":false,"after_sensitive":{}}},{"address":"aws_iam_role_policy_attachment.AmazonEKSClusterPolicy","mode":"managed","type":"aws_iam_role_policy_attachment","name":"AmazonEKSClusterPolicy","provider_name":"registry.terraform.io/hashicorp/aws","change":{"actions":["create"],"before":null,"after":{"policy_arn":"arn:aws:iam::aws:policy/AmazonEKSClusterPolicy","role":"iam_role_eks_master"},"after_unknown":{"id":true},"before_sensitive":false,"after_sensitive":{}}},{"address":"aws_iam_role_policy_attachment.AmazonEKSServicePolicy","mode":"managed","type":"aws_iam_role_policy_attachment","name":"AmazonEKSServicePolicy","provider_name":"registry.terraform.io/hashicorp/aws","change":{"actions":["create"],"before":null,"after":{"policy_arn":"arn:aws:iam::aws:policy/AmazonEKSServicePolicy","role":"iam_role_eks_master"},"after_unknown":{"id":true},"before_sensitive":false,"after_sensitive":{}}},{"address":"aws_iam_role_policy_attachment.AmazonEKSVPCResourceController","mode":"managed","type":"aws_iam_role_policy_attachment","name":"AmazonEKSVPCResourceController","provider_name":"registry.terraform.io/hashicorp/aws","change":{"actions":["create"],"before":null,"after":{"policy_arn":"arn:aws:iam::aws:policy/AmazonEKSVPCResourceController","role":"iam_role_eks_master"},"after_unknown":{"id":true},"before_sensitive":false,"after_sensitive":{}}},{"address":"aws_iam_role_policy_attachment.AmazonEKSWorkerNodePolicy","mode":"managed","type":"aws_iam_role_policy_attachment","name":"AmazonEKSWorkerNodePolicy","provider_name":"registry.terraform.io/hashicorp/aws","change":{"actions":["create"],"before":null,"after":{"policy_arn":"arn:aws:iam::aws:policy/AmazonEKSWorkerNodePolicy","role":"ed-eks-worker"},"after_unknown":{"id":true},"before_sensitive":false,"after_sensitive":{}}},{"address":"aws_iam_role_policy_attachment.AmazonEKS_CNI_Policy","mode":"managed","type":"aws_iam_role_policy_attachment","name":"AmazonEKS_CNI_Policy","provider_name":"registry.terraform.io/hashicorp/aws","change":{"actions":["create"],"before":null,"after":{"policy_arn":"arn:aws:iam::aws:policy/AmazonEKS_CNI_Policy","role":"ed-eks-worker"},"after_unknown":{"id":true},"before_sensitive":false,"after_sensitive":{}}},{"address":"aws_iam_role_policy_attachment.AmazonSSMManagedInstanceCore","mode":"managed","type":"aws_iam_role_policy_attachment","name":"AmazonSSMManagedInstanceCore","provider_name":"registry.terraform.io/hashicorp/aws","change":{"actions":["create"],"before":null,"after":{"policy_arn":"arn:aws:iam::aws:policy/AmazonSSMManagedInstanceCore","role":"ed-eks-worker"},"after_unknown":{"id":true},"before_sensitive":false,"after_sensitive":{}}},{"address":"aws_internet_gateway.igw","mode":"managed","type":"aws_internet_gateway","name":"igw","provider_name":"registry.terraform.io/hashicorp/aws","change":{"actions":["create"],"before":null,"after":{"tags":{"Name":"my_igw"},"tags_all":{"Name":"my_igw"},"timeouts":null},"after_unknown":{"arn":true,"id":true,"owner_id":true,"tags":{},"tags_all":{},"vpc_id":true},"before_sensitive":false,"after_sensitive":{"tags":{},"tags_all":{}}}},{"address":"aws_route_table.rtb","mode":"managed","type":"aws_route_table","name":"rtb","provider_name":"registry.terraform.io/hashicorp/aws","change":{"actions":["create"],"before":null,"after":{"route":[{"carrier_gateway_id":"","cidr_block":"0.0.0.0/0","core_network_arn":"","destination_prefix_list_id":"","egress_only_gateway_id":"","ipv6_cidr_block":"","local_gateway_id":"","nat_gateway_id":"","network_interface_id":"","transit_gateway_id":"","vpc_endpoint_id":"","vpc_peering_connection_id":""}],"tags":{"Name":"MyRoute"},"tags_all":{"Name":"MyRoute"},"timeouts":null},"after_unknown":{"arn":true,"id":true,"owner_id":true,"propagating_vgws":true,"route":[{"gateway_id":true}],"tags":{},"tags_all":{},"vpc_id":true},"before_sensitive":false,"after_sensitive":{"propagating_vgws":[],"route":[{}],"tags":{},"tags_all":{}}}},{"address":"aws_route_table_association.rt_ass1","mode":"managed","type":"aws_route_table_association","name":"rt_ass1","provider_name":"registry.terraform.io/hashicorp/aws","change":{"actions":["create"],"before":null,"after":{"gateway_id":null,"timeouts":null},"after_unknown":{"id":true,"route_table_id":true,"subnet_id":true},"before_sensitive":false,"after_sensitive":{}}},{"address":"aws_route_table_association.rt_ass2","mode":"managed","type":"aws_route_table_association","name":"rt_ass2","provider_name":"registry.terraform.io/hashicorp/aws","change":{"actions":["create"],"before":null,"after":{"gateway_id":null,"timeouts":null},"after_unknown":{"id":true,"route_table_id":true,"subnet_id":true},"before_sensitive":false,"after_sensitive":{}}},{"address":"aws_security_group.allow_ssh","mode":"managed","type":"aws_security_group","name":"allow_ssh","provider_name":"registry.terraform.io/hashicorp/aws","change":{"actions":["create"],"before":null,"after":{"description":"Managed by Terraform","egress":[{"cidr_blocks":["0.0.0.0/0"],"description":"","from_port":0,"ipv6_cidr_blocks":[],"prefix_list_ids":[],"protocol":"-1","security_groups":[],"self":false,"to_port":0}],"ingress":[{"cidr_blocks":["0.0.0.0/0"],"description":"allow_ssh","from_port":22,"ipv6_cidr_blocks":[],"prefix_list_ids":[],"protocol":"tcp","security_groups":[],"self":false,"to_port":22}],"name":"allow_ssh","revoke_rules_on_delete":false,"tags":{"Name":"allow_ssh"},"tags_all":{"Name":"allow_ssh"},"timeouts":null},"after_unknown":{"arn":true,"egress":[{"cidr_blocks":[false],"ipv6_cidr_blocks":[],"prefix_list_ids":[],"security_groups":[]}],"id":true,"ingress":[{"cidr_blocks":[false],"ipv6_cidr_blocks":[],"prefix_list_ids":[],"security_groups":[]}],"name_prefix":true,"owner_id":true,"tags":{},"tags_all":{},"vpc_id":true},"before_sensitive":false,"after_sensitive":{"egress":[{"cidr_blocks":[false],"ipv6_cidr_blocks":[],"prefix_list_ids":[],"security_groups":[]}],"ingress":[{"cidr_blocks":[false],"ipv6_cidr_blocks":[],"prefix_list_ids":[],"security_groups":[]}],"tags":{},"tags_all":{}}}},{"address":"aws_subnet.public_sub1","mode":"managed","type":"aws_subnet","name":"public_sub1","provider_name":"registry.terraform.io/hashicorp/aws","change":{"actions":["create"],"before":null,"after":{"assign_ipv6_address_on_creation":false,"availability_zone":"us-east-1a","cidr_block":"10.0.1.0/24","customer_owned_ipv4_pool":null,"enable_dns64":false,"enable_lni_at_device_index":null,"enable_resource_name_dns_a_record_on_launch":false,"enable_resource_name_dns_aaaa_record_on_launch":false,"ipv6_cidr_block":null,"ipv6_native":false,"map_customer_owned_ip_on_launch":null,"map_public_ip_on_launch":true,"outpost_arn":null,"tags":{"Name":"public_sub1"},"tags_all":{"Name":"public_sub1"},"timeouts":null},"after_unknown":{"arn":true,"availability_zone_id":true,"id":true,"ipv6_cidr_block_association_id":true,"owner_id":true,"private_dns_hostname_type_on_launch":true,"tags":{},"tags_all":{},"vpc_id":true},"before_sensitive":false,"after_sensitive":{"tags":{},"tags_all":{}}}},{"address":"aws_subnet.public_sub2","mode":"managed","type":"aws_subnet","name":"public_sub2","provider_name":"registry.terraform.io/hashicorp/aws","change":{"actions":["create"],"before":null,"after":{"assign_ipv6_address_on_creation":false,"availability_zone":"us-east-1b","cidr_block":"10.0.2.0/24","customer_owned_ipv4_pool":null,"enable_dns64":false,"enable_lni_at_device_index":null,"enable_resource_name_dns_a_record_on_launch":false,"enable_resource_name_dns_aaaa_record_on_launch":false,"ipv6_cidr_block":null,"ipv6_native":false,"map_customer_owned_ip_on_launch":null,"map_public_ip_on_launch":true,"outpost_arn":null,"tags":{"Name":"public_sub2"},"tags_all":{"Name":"public_sub2"},"timeouts":null},"after_unknown":{"arn":true,"availability_zone_id":true,"id":true,"ipv6_cidr_block_association_id":true,"owner_id":true,"private_dns_hostname_type_on_launch":true,"tags":{},"tags_all":{},"vpc_id":true},"before_sensitive":false,"after_sensitive":{"tags":{},"tags_all":{}}}},{"address":"aws_vpc.my_vpc","mode":"managed","type":"aws_vpc","name":"my_vpc","provider_name":"registry.terraform.io/hashicorp/aws","change":{"actions":["create"],"before":null,"after":{"assign_generated_ipv6_cidr_block":null,"cidr_block":"10.0.0.0/16","enable_dns_hostnames":true,"enable_dns_support":true,"instance_tenancy":"default","ipv4_ipam_pool_id":null,"ipv4_netmask_length":null,"ipv6_ipam_pool_id":null,"ipv6_netmask_length":null,"tags":{"Name":"My VPC"},"tags_all":{"Name":"My VPC"}},"after_unknown":{"arn":true,"default_network_acl_id":true,"default_route_table_id":true,"default_security_group_id":true,"dhcp_options_id":true,"enable_network_address_usage_metrics":true,"id":true,"ipv6_association_id":true,"ipv6_cidr_block":true,"ipv6_cidr_block_network_border_group":true,"main_route_table_id":true,"owner_id":true,"tags":{},"tags_all":{}},"before_sensitive":false,"after_sensitive":{"tags":{},"tags_all":{}}}}],"output_changes":{"ecr_repository_url":{"actions":["create"],"before":null,"after_unknown":true,"before_sensitive":false,"after_sensitive":false}},"configuration":{"provider_config":{"aws":{"name":"aws","full_name":"registry.terraform.io/hashicorp/aws","version_constraint":"~\u003e 5.0","expressions":{"region":{"references":["var.aws_region"]}}}},"root_module":{"outputs":{"ecr_repository_url":{"expression":{"references":["aws_ecr_repository.my_repository.repository_url","aws_ecr_repository.my_repository"]}}},"resources":[{"address":"aws_ecr_repository.my_repository","mode":"managed","type":"aws_ecr_repository","name":"my_repository","provider_config_key":"aws","expressions":{"name":{"constant_value":"my-ecr-repo"}},"schema_version":0},{"address":"aws_eks_cluster.nawy-eks-cluster","mode":"managed","type":"aws_eks_cluster","name":"nawy-eks-cluster","provider_config_key":"aws","expressions":{"name":{"constant_value":"nawy-eks-cluster"},"role_arn":{"references":["aws_iam_role.master.arn","aws_iam_role.master"]},"vpc_config":[{"subnet_ids":{"references":["aws_subnet.public_sub1.id","aws_subnet.public_sub1","aws_subnet.public_sub2.id","aws_subnet.public_sub2"]}}]},"schema_version":1},{"address":"aws_eks_node_group.nawy_node_group","mode":"managed","type":"aws_eks_node_group","name":"nawy_node_group","provider_config_key":"aws","expressions":{"capacity_type":{"constant_value":"ON_DEMAND"},"cluster_name":{"references":["aws_eks_cluster.nawy-eks-cluster.name","aws_eks_cluster.nawy-eks-cluster"]},"disk_size":{"constant_value":20},"instance_types":{"constant_value":["t2.small"]},"node_group_name":{"constant_value":"nawy-eks-node-group"},"node_role_arn":{"references":["aws_iam_role.worker.arn","aws_iam_role.worker"]},"scaling_config":[{"desired_size":{"constant_value":2},"max_size":{"constant_value":3},"min_size":{"constant_value":1}}],"subnet_ids":{"references":["aws_subnet.public_sub1.id","aws_subnet.public_sub1","aws_subnet.public_sub2.id","aws_subnet.public_sub2"]},"tags":{"constant_value":{"Name":"nawy-eks-instance"}},"update_config":[{"max_unavailable":{"constant_value":1}}]},"schema_version":0,"depends_on":["aws_iam_role_policy_attachment.AmazonEKSWorkerNodePolicy","aws_iam_role_policy_attachment.AmazonEKS_CNI_Policy","aws_iam_role_policy_attachment.AmazonEC2ContainerRegistryReadOnly"]},{"address":"aws_iam_instance_profile.worker","mode":"managed","type":"aws_iam_instance_profile","name":"worker","provider_config_key":"aws","expressions":{"name":{"constant_value":"ed-eks-worker-new-profile"},"role":{"references":["aws_iam_role.worker.name","aws_iam_role.worker"]}},"schema_version":0},{"address":"aws_iam_policy.autoscaler","mode":"managed","type":"aws_iam_policy","name":"autoscaler","provider_config_key":"aws","expressions":{"name":{"constant_value":"ed-eks-autoscaler-policy"},"policy":{}},"schema_version":0},{"address":"aws_iam_role.master","mode":"managed","type":"aws_iam_role","name":"master","provider_config_key":"aws","expressions":{"assume_role_policy":{},"name":{"constant_value":"iam_role_eks_master"}},"schema_version":0},{"address":"aws_iam_role.worker","mode":"managed","type":"aws_iam_role","name":"worker","provider_config_key":"aws","expressions":{"assume_role_policy":{},"name":{"constant_value":"ed-eks-worker"}},"schema_version":0},{"address":"aws_iam_role_policy_attachment.AmazonEC2ContainerRegistryReadOnly","mode":"managed","type":"aws_iam_role_policy_attachment","name":"AmazonEC2ContainerRegistryReadOnly","provider_config_key":"aws","expressions":{"policy_arn":{"constant_value":"arn:aws:iam::aws:policy/AmazonEC2ContainerRegistryReadOnly"},"role":{"references":["aws_iam_role.worker.name","aws_iam_role.worker"]}},"schema_version":0},{"address":"aws_iam_role_policy_attachment.AmazonEKSClusterPolicy","mode":"managed","type":"aws_iam_role_policy_attachment","name":"AmazonEKSClusterPolicy","provider_config_key":"aws","expressions":{"policy_arn":{"constant_value":"arn:aws:iam::aws:policy/AmazonEKSClusterPolicy"},"role":{"references":["aws_iam_role.master.name","aws_iam_role.master"]}},"schema_version":0},{"address":"aws_iam_role_policy_attachment.AmazonEKSServicePolicy","mode":"managed","type":"aws_iam_role_policy_attachment","name":"AmazonEKSServicePolicy","provider_config_key":"aws","expressions":{"policy_arn":{"constant_value":"arn:aws:iam::aws:policy/AmazonEKSServicePolicy"},"role":{"references":["aws_iam_role.master.name","aws_iam_role.master"]}},"schema_version":0},{"address":"aws_iam_role_policy_attachment.AmazonEKSVPCResourceController","mode":"managed","type":"aws_iam_role_policy_attachment","name":"AmazonEKSVPCResourceController","provider_config_key":"aws","expressions":{"policy_arn":{"constant_value":"arn:aws:iam::aws:policy/AmazonEKSVPCResourceController"},"role":{"references":["aws_iam_role.master.name","aws_iam_role.master"]}},"schema_version":0},{"address":"aws_iam_role_policy_attachment.AmazonEKSWorkerNodePolicy","mode":"managed","type":"aws_iam_role_policy_attachment","name":"AmazonEKSWorkerNodePolicy","provider_config_key":"aws","expressions":{"policy_arn":{"constant_value":"arn:aws:iam::aws:policy/AmazonEKSWorkerNodePolicy"},"role":{"references":["aws_iam_role.worker.name","aws_iam_role.worker"]}},"schema_version":0},{"address":"aws_iam_role_policy_attachment.AmazonEKS_CNI_Policy","mode":"managed","type":"aws_iam_role_policy_attachment","name":"AmazonEKS_CNI_Policy","provider_config_key":"aws","expressions":{"policy_arn":{"constant_value":"arn:aws:iam::aws:policy/AmazonEKS_CNI_Policy"},"role":{"references":["aws_iam_role.worker.name","aws_iam_role.worker"]}},"schema_version":0},{"address":"aws_iam_role_policy_attachment.AmazonSSMManagedInstanceCore","mode":"managed","type":"aws_iam_role_policy_attachment","name":"AmazonSSMManagedInstanceCore","provider_config_key":"aws","expressions":{"policy_arn":{"constant_value":"arn:aws:iam::aws:policy/AmazonSSMManagedInstanceCore"},"role":{"references":["aws_iam_role.worker.name","aws_iam_role.worker"]}},"schema_version":0},{"address":"aws_internet_gateway.igw","mode":"managed","type":"aws_internet_gateway","name":"igw","provider_config_key":"aws","expressions":{"tags":{"constant_value":{"Name":"my_igw"}},"vpc_id":{"references":["aws_vpc.my_vpc.id","aws_vpc.my_vpc"]}},"schema_version":0},{"address":"aws_route_table.rtb","mode":"managed","type":"aws_route_table","name":"rtb","provider_config_key":"aws","expressions":{"route":{"references":["aws_internet_gateway.igw.id","aws_internet_gateway.igw"]},"tags":{"constant_value":{"Name":"MyRoute"}},"vpc_id":{"references":["aws_vpc.my_vpc.id","aws_vpc.my_vpc"]}},"schema_version":0},{"address":"aws_route_table_association.rt_ass1","mode":"managed","type":"aws_route_table_association","name":"rt_ass1","provider_config_key":"aws","expressions":{"route_table_id":{"references":["aws_route_table.rtb.id","aws_route_table.rtb"]},"subnet_id":{"references":["aws_subnet.public_sub1.id","aws_subnet.public_sub1"]}},"schema_version":0},{"address":"aws_route_table_association.rt_ass2","mode":"managed","type":"aws_route_table_association","name":"rt_ass2","provider_config_key":"aws","expressions":{"route_table_id":{"references":["aws_route_table.rtb.id","aws_route_table.rtb"]},"subnet_id":{"references":["aws_subnet.public_sub2.id","aws_subnet.public_sub2"]}},"schema_version":0},{"address":"aws_security_group.allow_ssh","mode":"managed","type":"aws_security_group","name":"allow_ssh","provider_config_key":"aws","expressions":{"egress":{"constant_value":[{"cidr_blocks":["0.0.0.0/0"],"description":null,"from_port":0,"ipv6_cidr_blocks":null,"prefix_list_ids":null,"protocol":"-1","security_groups":null,"self":null,"to_port":0}]},"ingress":{"constant_value":[{"cidr_blocks":["0.0.0.0/0"],"description":"allow_ssh","from_port":22,"ipv6_cidr_blocks":null,"prefix_list_ids":null,"protocol":"tcp","security_groups":null,"self":null,"to_port":22}]},"name":{"constant_value":"allow_ssh"},"tags":{"constant_value":{"Name":"allow_ssh"}},"vpc_id":{"references":["aws_vpc.my_vpc.id","aws_vpc.my_vpc"]}},"schema_version":1},{"address":"aws_subnet.public_sub1","mode":"managed","type":"aws_subnet","name":"public_sub1","provider_config_key":"aws","expressions":{"availability_zone":{"constant_value":"us-east-1a"},"cidr_block":{"constant_value":"10.0.1.0/24"},"map_public_ip_on_launch":{"constant_value":true},"tags":{"constant_value":{"Name":"public_sub1"}},"vpc_id":{"references":["aws_vpc.my_vpc.id","aws_vpc.my_vpc"]}},"schema_version":1},{"address":"aws_subnet.public_sub2","mode":"managed","type":"aws_subnet","name":"public_sub2","provider_config_key":"aws","expressions":{"availability_zone":{"constant_value":"us-east-1b"},"cidr_block":{"constant_value":"10.0.2.0/24"},"map_public_ip_on_launch":{"constant_value":true},"tags":{"constant_value":{"Name":"public_sub2"}},"vpc_id":{"references":["aws_vpc.my_vpc.id","aws_vpc.my_vpc"]}},"schema_version":1},{"address":"aws_vpc.my_vpc","mode":"managed","type":"aws_vpc","name":"my_vpc","provider_config_key":"aws","expressions":{"cidr_block":{"constant_value":"10.0.0.0/16"},"enable_dns_hostnames":{"constant_value":true},"enable_dns_support":{"constant_value":true},"tags":{"constant_value":{"Name":"My VPC"}}},"schema_version":1}],"variables":{"aws_region":{"default":"us-east-1","description":"AWS region"}}}},"relevant_attributes":[{"resource":"aws_iam_role.master","attribute":["name"]},{"resource":"aws_iam_role.worker","attribute":["name"]},{"resource":"aws_eks_cluster.nawy-eks-cluster","attribute":["name"]},{"resource":"aws_iam_role.master","attribute":["arn"]},{"resource":"aws_subnet.public_sub1","attribute":["id"]},{"resource":"aws_subnet.public_sub2","attribute":["id"]},{"resource":"aws_ecr_repository.my_repository","attribute":["repository_url"]},{"resource":"aws_iam_role.worker","attribute":["arn"]},{"resource":"aws_internet_gateway.igw","attribute":["id"]},{"resource":"aws_vpc.my_vpc","attribute":["id"]},{"resource":"aws_route_table.rtb","attribute":["id"]}],"timestamp":"2026-01-25T18:53:37Z","applyable":true,"complete":true,"errored":false}
