{"format_version":"1.2","terraform_version":"1.13.5","variables":{"aws_region":{"value":"us-east-1"},"enable_xray_tracing":{"value":false},"environment":{"value":"dev"},"function_url_auth_type":{"value":"AWS_IAM"},"function_url_cors":{"value":null},"lambda_architectures":{"value":["arm64"]},"lambda_handler":{"value":"bootstrap"},"lambda_memory_size":{"value":256},"lambda_runtime":{"value":"provided.al2"},"lambda_timeout":{"value":10},"lambda_zip_path":{"value":"../infra/.dummy/lambda.zip"},"log_retention_in_days":{"value":14},"project_name":{"value":"rigitbot"},"reserved_concurrent_executions":{"value":null}},"planned_values":{"outputs":{"aws_region":{"sensitive":false,"type":"string","value":"us-east-1"},"lambda_function_arn":{"sensitive":false},"lambda_function_name":{"sensitive":false,"type":"string","value":"rigitbot-dev-fn"},"lambda_function_url":{"sensitive":false}},"root_module":{"resources":[{"address":"aws_cloudwatch_log_group.lambda","mode":"managed","type":"aws_cloudwatch_log_group","name":"lambda","provider_name":"registry.terraform.io/hashicorp/aws","schema_version":0,"values":{"kms_key_id":null,"name":"/aws/lambda/rigitbot-dev-fn","retention_in_days":14,"skip_destroy":false,"tags":null,"tags_all":{"Environment":"dev","ManagedBy":"terraform","Project":"rigitbot"}},"sensitive_values":{"tags_all":{}}},{"address":"aws_cloudwatch_metric_alarm.lambda_errors","mode":"managed","type":"aws_cloudwatch_metric_alarm","name":"lambda_errors","provider_name":"registry.terraform.io/hashicorp/aws","schema_version":1,"values":{"actions_enabled":true,"alarm_actions":null,"alarm_description":"Lambda function errors \u003e 0","alarm_name":"rigitbot-dev-lambda-errors","comparison_operator":"GreaterThanThreshold","datapoints_to_alarm":null,"dimensions":{"FunctionName":"rigitbot-dev-fn"},"evaluation_periods":1,"extended_statistic":null,"insufficient_data_actions":null,"metric_name":"Errors","metric_query":[],"namespace":"AWS/Lambda","ok_actions":null,"period":60,"statistic":"Sum","tags":null,"tags_all":{"Environment":"dev","ManagedBy":"terraform","Project":"rigitbot"},"threshold":0,"threshold_metric_id":null,"treat_missing_data":"missing","unit":null},"sensitive_values":{"dimensions":{},"metric_query":[],"tags_all":{}}},{"address":"aws_cloudwatch_metric_alarm.lambda_throttles","mode":"managed","type":"aws_cloudwatch_metric_alarm","name":"lambda_throttles","provider_name":"registry.terraform.io/hashicorp/aws","schema_version":1,"values":{"actions_enabled":true,"alarm_actions":null,"alarm_description":"Lambda throttles \u003e 0","alarm_name":"rigitbot-dev-lambda-throttles","comparison_operator":"GreaterThanThreshold","datapoints_to_alarm":null,"dimensions":{"FunctionName":"rigitbot-dev-fn"},"evaluation_periods":1,"extended_statistic":null,"insufficient_data_actions":null,"metric_name":"Throttles","metric_query":[],"namespace":"AWS/Lambda","ok_actions":null,"period":60,"statistic":"Sum","tags":null,"tags_all":{"Environment":"dev","ManagedBy":"terraform","Project":"rigitbot"},"threshold":0,"threshold_metric_id":null,"treat_missing_data":"missing","unit":null},"sensitive_values":{"dimensions":{},"metric_query":[],"tags_all":{}}},{"address":"aws_iam_role.lambda_exec","mode":"managed","type":"aws_iam_role","name":"lambda_exec","provider_name":"registry.terraform.io/hashicorp/aws","schema_version":0,"values":{"assume_role_policy":"{\"Statement\":[{\"Action\":\"sts:AssumeRole\",\"Effect\":\"Allow\",\"Principal\":{\"Service\":\"lambda.amazonaws.com\"}}],\"Version\":\"2012-10-17\"}","description":null,"force_detach_policies":false,"max_session_duration":3600,"name":"rigitbot-dev-lambda-exec","path":"/","permissions_boundary":null,"tags":null,"tags_all":{"Environment":"dev","ManagedBy":"terraform","Project":"rigitbot"}},"sensitive_values":{"inline_policy":[],"managed_policy_arns":[],"tags_all":{}}},{"address":"aws_iam_role_policy.lambda_logs","mode":"managed","type":"aws_iam_role_policy","name":"lambda_logs","provider_name":"registry.terraform.io/hashicorp/aws","schema_version":0,"values":{"name":"rigitbot-dev-lambda-logs"},"sensitive_values":{}},{"address":"aws_lambda_function.this","mode":"managed","type":"aws_lambda_function","name":"this","provider_name":"registry.terraform.io/hashicorp/aws","schema_version":0,"values":{"architectures":["arm64"],"code_signing_config_arn":null,"dead_letter_config":[],"description":"Rust Lambda exposed via Lambda Function URL","environment":[{"variables":{"RUST_LOG":"info"}}],"file_system_config":[],"filename":"../infra/.dummy/lambda.zip","function_name":"rigitbot-dev-fn","handler":"bootstrap","image_config":[],"image_uri":null,"kms_key_arn":null,"layers":null,"memory_size":256,"package_type":"Zip","publish":false,"replace_security_groups_on_destroy":null,"replacement_security_group_ids":null,"reserved_concurrent_executions":-1,"runtime":"provided.al2","s3_bucket":null,"s3_key":null,"s3_object_version":null,"skip_destroy":false,"snap_start":[],"source_code_hash":"wmbalFzzY/wG3ivChKElOZB3+B4gptmQyIat05p+fU4=","tags":null,"tags_all":{"Environment":"dev","ManagedBy":"terraform","Project":"rigitbot"},"timeout":10,"timeouts":null,"tracing_config":[{"mode":"PassThrough"}],"vpc_config":[]},"sensitive_values":{"architectures":[false],"dead_letter_config":[],"environment":[{"variables":{}}],"ephemeral_storage":[],"file_system_config":[],"image_config":[],"logging_config":[],"snap_start":[],"tags_all":{},"tracing_config":[{}],"vpc_config":[]}},{"address":"aws_lambda_function_url.this","mode":"managed","type":"aws_lambda_function_url","name":"this","provider_name":"registry.terraform.io/hashicorp/aws","schema_version":0,"values":{"authorization_type":"AWS_IAM","cors":[],"invoke_mode":"BUFFERED","qualifier":null,"timeouts":null},"sensitive_values":{"cors":[]}}]}},"resource_changes":[{"address":"aws_cloudwatch_log_group.lambda","mode":"managed","type":"aws_cloudwatch_log_group","name":"lambda","provider_name":"registry.terraform.io/hashicorp/aws","change":{"actions":["create"],"before":null,"after":{"kms_key_id":null,"name":"/aws/lambda/rigitbot-dev-fn","retention_in_days":14,"skip_destroy":false,"tags":null,"tags_all":{"Environment":"dev","ManagedBy":"terraform","Project":"rigitbot"}},"after_unknown":{"arn":true,"id":true,"log_group_class":true,"name_prefix":true,"tags_all":{}},"before_sensitive":false,"after_sensitive":{"tags_all":{}}}},{"address":"aws_cloudwatch_metric_alarm.lambda_errors","mode":"managed","type":"aws_cloudwatch_metric_alarm","name":"lambda_errors","provider_name":"registry.terraform.io/hashicorp/aws","change":{"actions":["create"],"before":null,"after":{"actions_enabled":true,"alarm_actions":null,"alarm_description":"Lambda function errors \u003e 0","alarm_name":"rigitbot-dev-lambda-errors","comparison_operator":"GreaterThanThreshold","datapoints_to_alarm":null,"dimensions":{"FunctionName":"rigitbot-dev-fn"},"evaluation_periods":1,"extended_statistic":null,"insufficient_data_actions":null,"metric_name":"Errors","metric_query":[],"namespace":"AWS/Lambda","ok_actions":null,"period":60,"statistic":"Sum","tags":null,"tags_all":{"Environment":"dev","ManagedBy":"terraform","Project":"rigitbot"},"threshold":0,"threshold_metric_id":null,"treat_missing_data":"missing","unit":null},"after_unknown":{"arn":true,"dimensions":{},"evaluate_low_sample_count_percentiles":true,"id":true,"metric_query":[],"tags_all":{}},"before_sensitive":false,"after_sensitive":{"dimensions":{},"metric_query":[],"tags_all":{}}}},{"address":"aws_cloudwatch_metric_alarm.lambda_throttles","mode":"managed","type":"aws_cloudwatch_metric_alarm","name":"lambda_throttles","provider_name":"registry.terraform.io/hashicorp/aws","change":{"actions":["create"],"before":null,"after":{"actions_enabled":true,"alarm_actions":null,"alarm_description":"Lambda throttles \u003e 0","alarm_name":"rigitbot-dev-lambda-throttles","comparison_operator":"GreaterThanThreshold","datapoints_to_alarm":null,"dimensions":{"FunctionName":"rigitbot-dev-fn"},"evaluation_periods":1,"extended_statistic":null,"insufficient_data_actions":null,"metric_name":"Throttles","metric_query":[],"namespace":"AWS/Lambda","ok_actions":null,"period":60,"statistic":"Sum","tags":null,"tags_all":{"Environment":"dev","ManagedBy":"terraform","Project":"rigitbot"},"threshold":0,"threshold_metric_id":null,"treat_missing_data":"missing","unit":null},"after_unknown":{"arn":true,"dimensions":{},"evaluate_low_sample_count_percentiles":true,"id":true,"metric_query":[],"tags_all":{}},"before_sensitive":false,"after_sensitive":{"dimensions":{},"metric_query":[],"tags_all":{}}}},{"address":"aws_iam_role.lambda_exec","mode":"managed","type":"aws_iam_role","name":"lambda_exec","provider_name":"registry.terraform.io/hashicorp/aws","change":{"actions":["create"],"before":null,"after":{"assume_role_policy":"{\"Statement\":[{\"Action\":\"sts:AssumeRole\",\"Effect\":\"Allow\",\"Principal\":{\"Service\":\"lambda.amazonaws.com\"}}],\"Version\":\"2012-10-17\"}","description":null,"force_detach_policies":false,"max_session_duration":3600,"name":"rigitbot-dev-lambda-exec","path":"/","permissions_boundary":null,"tags":null,"tags_all":{"Environment":"dev","ManagedBy":"terraform","Project":"rigitbot"}},"after_unknown":{"arn":true,"create_date":true,"id":true,"inline_policy":true,"managed_policy_arns":true,"name_prefix":true,"tags_all":{},"unique_id":true},"before_sensitive":false,"after_sensitive":{"inline_policy":[],"managed_policy_arns":[],"tags_all":{}}}},{"address":"aws_iam_role_policy.lambda_logs","mode":"managed","type":"aws_iam_role_policy","name":"lambda_logs","provider_name":"registry.terraform.io/hashicorp/aws","change":{"actions":["create"],"before":null,"after":{"name":"rigitbot-dev-lambda-logs"},"after_unknown":{"id":true,"name_prefix":true,"policy":true,"role":true},"before_sensitive":false,"after_sensitive":{}}},{"address":"aws_lambda_function.this","mode":"managed","type":"aws_lambda_function","name":"this","provider_name":"registry.terraform.io/hashicorp/aws","change":{"actions":["create"],"before":null,"after":{"architectures":["arm64"],"code_signing_config_arn":null,"dead_letter_config":[],"description":"Rust Lambda exposed via Lambda Function URL","environment":[{"variables":{"RUST_LOG":"info"}}],"file_system_config":[],"filename":"../infra/.dummy/lambda.zip","function_name":"rigitbot-dev-fn","handler":"bootstrap","image_config":[],"image_uri":null,"kms_key_arn":null,"layers":null,"memory_size":256,"package_type":"Zip","publish":false,"replace_security_groups_on_destroy":null,"replacement_security_group_ids":null,"reserved_concurrent_executions":-1,"runtime":"provided.al2","s3_bucket":null,"s3_key":null,"s3_object_version":null,"skip_destroy":false,"snap_start":[],"source_code_hash":"wmbalFzzY/wG3ivChKElOZB3+B4gptmQyIat05p+fU4=","tags":null,"tags_all":{"Environment":"dev","ManagedBy":"terraform","Project":"rigitbot"},"timeout":10,"timeouts":null,"tracing_config":[{"mode":"PassThrough"}],"vpc_config":[]},"after_unknown":{"architectures":[false],"arn":true,"code_sha256":true,"dead_letter_config":[],"environment":[{"variables":{}}],"ephemeral_storage":true,"file_system_config":[],"id":true,"image_config":[],"invoke_arn":true,"last_modified":true,"logging_config":true,"qualified_arn":true,"qualified_invoke_arn":true,"role":true,"signing_job_arn":true,"signing_profile_version_arn":true,"snap_start":[],"source_code_size":true,"tags_all":{},"tracing_config":[{}],"version":true,"vpc_config":[]},"before_sensitive":false,"after_sensitive":{"architectures":[false],"dead_letter_config":[],"environment":[{"variables":{}}],"ephemeral_storage":[],"file_system_config":[],"image_config":[],"logging_config":[],"snap_start":[],"tags_all":{},"tracing_config":[{}],"vpc_config":[]}}},{"address":"aws_lambda_function_url.this","mode":"managed","type":"aws_lambda_function_url","name":"this","provider_name":"registry.terraform.io/hashicorp/aws","change":{"actions":["create"],"before":null,"after":{"authorization_type":"AWS_IAM","cors":[],"invoke_mode":"BUFFERED","qualifier":null,"timeouts":null},"after_unknown":{"cors":[],"function_arn":true,"function_name":true,"function_url":true,"id":true,"url_id":true},"before_sensitive":false,"after_sensitive":{"cors":[]}}}],"output_changes":{"aws_region":{"actions":["create"],"before":null,"after":"us-east-1","after_unknown":false,"before_sensitive":false,"after_sensitive":false},"lambda_function_arn":{"actions":["create"],"before":null,"after_unknown":true,"before_sensitive":false,"after_sensitive":false},"lambda_function_name":{"actions":["create"],"before":null,"after":"rigitbot-dev-fn","after_unknown":false,"before_sensitive":false,"after_sensitive":false},"lambda_function_url":{"actions":["create"],"before":null,"after_unknown":true,"before_sensitive":false,"after_sensitive":false}},"prior_state":{"format_version":"1.0","terraform_version":"1.13.5","values":{"outputs":{"aws_region":{"sensitive":false,"value":"us-east-1","type":"string"},"lambda_function_name":{"sensitive":false,"value":"rigitbot-dev-fn","type":"string"}},"root_module":{"resources":[{"address":"data.archive_file.lambda_dummy","mode":"data","type":"archive_file","name":"lambda_dummy","provider_name":"registry.terraform.io/hashicorp/archive","schema_version":0,"values":{"exclude_symlink_directories":null,"excludes":null,"id":"58e93fade67637870be5af38eff8d5aa66c7da49","output_base64sha256":"wmbalFzzY/wG3ivChKElOZB3+B4gptmQyIat05p+fU4=","output_base64sha512":"BQYAg1LwEY4tDmry1VoRx6StX0vjH+7LpfB5KAZLVvfJQjioPbBv1QxI6QF6P2U614fU3h9XKBCb9z5Y1ornqA==","output_file_mode":null,"output_md5":"a0dbd832a6a977d6d5b28ea5c85e30fb","output_path":"./.dummy/lambda.zip","output_sha":"58e93fade67637870be5af38eff8d5aa66c7da49","output_sha256":"c266da945cf363fc06de2bc284a125399077f81e20a6d990c886add39a7e7d4e","output_sha512":"0506008352f0118e2d0e6af2d55a11c7a4ad5f4be31feecba5f07928064b56f7c94238a83db06fd50c48e9017a3f653ad787d4de1f5728109bf73e58d68ae7a8","output_size":246,"source":[{"content":"exports.handler = async (event) =\u003e {\n  console.log(\"Dummy lambda invoked\");\n  return { statusCode: 200, body: \"dummy\" };\n};\n","filename":"index.js"}],"source_content":null,"source_content_filename":null,"source_dir":null,"source_file":null,"type":"zip"},"sensitive_values":{"source":[{}]}},{"address":"data.aws_caller_identity.current","mode":"data","type":"aws_caller_identity","name":"current","provider_name":"registry.terraform.io/hashicorp/aws","schema_version":0,"values":{"account_id":"000000000000","arn":"arn:aws:iam::000000000000:root","id":"000000000000","user_id":"AKIAIOSFODNN7EXAMPLE"},"sensitive_values":{}},{"address":"data.aws_region.current","mode":"data","type":"aws_region","name":"current","provider_name":"registry.terraform.io/hashicorp/aws","schema_version":0,"values":{"description":"US East (N. Virginia)","endpoint":"ec2.us-east-1.amazonaws.com","id":"us-east-1","name":"us-east-1"},"sensitive_values":{}}]}}},"configuration":{"provider_config":{"archive":{"name":"archive","full_name":"registry.terraform.io/hashicorp/archive"},"aws":{"name":"aws","full_name":"registry.terraform.io/hashicorp/aws","version_constraint":"~\u003e 5.0","expressions":{"default_tags":[{"tags":{"references":["var.project_name","var.environment"]}}],"region":{"references":["var.aws_region"]}}}},"root_module":{"outputs":{"aws_region":{"expression":{"references":["var.aws_region"]}},"lambda_function_arn":{"expression":{"references":["aws_lambda_function.this.arn","aws_lambda_function.this"]},"description":"Deployed Lambda function ARN."},"lambda_function_name":{"expression":{"references":["aws_lambda_function.this.function_name","aws_lambda_function.this"]},"description":"Deployed Lambda function name."},"lambda_function_url":{"expression":{"references":["aws_lambda_function_url.this.function_url","aws_lambda_function_url.this"]},"description":"Lambda Function URL endpoint."}},"resources":[{"address":"aws_cloudwatch_log_group.lambda","mode":"managed","type":"aws_cloudwatch_log_group","name":"lambda","provider_config_key":"aws","expressions":{"name":{"references":["local.lambda_name"]},"retention_in_days":{"references":["var.log_retention_in_days"]}},"schema_version":0},{"address":"aws_cloudwatch_metric_alarm.lambda_errors","mode":"managed","type":"aws_cloudwatch_metric_alarm","name":"lambda_errors","provider_config_key":"aws","expressions":{"alarm_description":{"constant_value":"Lambda function errors \u003e 0"},"alarm_name":{"references":["local.name_prefix"]},"comparison_operator":{"constant_value":"GreaterThanThreshold"},"dimensions":{"references":["aws_lambda_function.this.function_name","aws_lambda_function.this"]},"evaluation_periods":{"constant_value":1},"metric_name":{"constant_value":"Errors"},"namespace":{"constant_value":"AWS/Lambda"},"period":{"constant_value":60},"statistic":{"constant_value":"Sum"},"threshold":{"constant_value":0}},"schema_version":1},{"address":"aws_cloudwatch_metric_alarm.lambda_throttles","mode":"managed","type":"aws_cloudwatch_metric_alarm","name":"lambda_throttles","provider_config_key":"aws","expressions":{"alarm_description":{"constant_value":"Lambda throttles \u003e 0"},"alarm_name":{"references":["local.name_prefix"]},"comparison_operator":{"constant_value":"GreaterThanThreshold"},"dimensions":{"references":["aws_lambda_function.this.function_name","aws_lambda_function.this"]},"evaluation_periods":{"constant_value":1},"metric_name":{"constant_value":"Throttles"},"namespace":{"constant_value":"AWS/Lambda"},"period":{"constant_value":60},"statistic":{"constant_value":"Sum"},"threshold":{"constant_value":0}},"schema_version":1},{"address":"aws_iam_role.lambda_exec","mode":"managed","type":"aws_iam_role","name":"lambda_exec","provider_config_key":"aws","expressions":{"assume_role_policy":{},"name":{"references":["local.name_prefix"]}},"schema_version":0},{"address":"aws_iam_role_policy.lambda_logs","mode":"managed","type":"aws_iam_role_policy","name":"lambda_logs","provider_config_key":"aws","expressions":{"name":{"references":["local.name_prefix"]},"policy":{"references":["aws_cloudwatch_log_group.lambda.arn","aws_cloudwatch_log_group.lambda","aws_cloudwatch_log_group.lambda.arn","aws_cloudwatch_log_group.lambda"]},"role":{"references":["aws_iam_role.lambda_exec.id","aws_iam_role.lambda_exec"]}},"schema_version":0},{"address":"aws_lambda_function.this","mode":"managed","type":"aws_lambda_function","name":"this","provider_config_key":"aws","expressions":{"architectures":{"references":["var.lambda_architectures"]},"description":{"constant_value":"Rust Lambda exposed via Lambda Function URL"},"environment":[{"variables":{"constant_value":{"RUST_LOG":"info"}}}],"filename":{"references":["var.lambda_zip_path"]},"function_name":{"references":["local.lambda_name"]},"handler":{"references":["var.lambda_handler"]},"memory_size":{"references":["var.lambda_memory_size"]},"reserved_concurrent_executions":{"references":["var.reserved_concurrent_executions"]},"role":{"references":["aws_iam_role.lambda_exec.arn","aws_iam_role.lambda_exec"]},"runtime":{"references":["var.lambda_runtime"]},"source_code_hash":{"references":["var.lambda_zip_path"]},"timeout":{"references":["var.lambda_timeout"]},"tracing_config":[{"mode":{"references":["var.enable_xray_tracing"]}}]},"schema_version":0,"depends_on":["aws_cloudwatch_log_group.lambda"]},{"address":"aws_lambda_function_url.this","mode":"managed","type":"aws_lambda_function_url","name":"this","provider_config_key":"aws","expressions":{"authorization_type":{"references":["var.function_url_auth_type"]},"function_name":{"references":["aws_lambda_function.this.arn","aws_lambda_function.this"]}},"schema_version":0},{"address":"aws_lambda_permission.allow_public_invoke","mode":"managed","type":"aws_lambda_permission","name":"allow_public_invoke","provider_config_key":"aws","expressions":{"action":{"constant_value":"lambda:InvokeFunctionUrl"},"function_name":{"references":["aws_lambda_function.this.function_name","aws_lambda_function.this"]},"function_url_auth_type":{"constant_value":"NONE"},"principal":{"constant_value":"*"},"statement_id":{"constant_value":"AllowFunctionUrlPublicInvoke"}},"schema_version":0,"count_expression":{"references":["var.function_url_auth_type"]}},{"address":"data.archive_file.lambda_dummy","mode":"data","type":"archive_file","name":"lambda_dummy","provider_config_key":"archive","expressions":{"output_path":{"references":["local.lambda_dummy_zip"]},"source":[{"content":{"constant_value":"exports.handler = async (event) =\u003e {\n  console.log(\"Dummy lambda invoked\");\n  return { statusCode: 200, body: \"dummy\" };\n};\n"},"filename":{"constant_value":"index.js"}}],"type":{"constant_value":"zip"}},"schema_version":0},{"address":"data.aws_caller_identity.current","mode":"data","type":"aws_caller_identity","name":"current","provider_config_key":"aws","schema_version":0},{"address":"data.aws_region.current","mode":"data","type":"aws_region","name":"current","provider_config_key":"aws","schema_version":0}],"variables":{"aws_region":{"default":"us-east-1","description":"AWS region to deploy into."},"enable_xray_tracing":{"default":false,"description":"Enable AWS X-Ray active tracing for the Lambda function."},"environment":{"default":"dev","description":"Environment name (e.g., dev, staging, prod)."},"function_url_auth_type":{"default":"AWS_IAM","description":"Auth type for Lambda Function URL. Use 'AWS_IAM' for private/internal, 'NONE' for public."},"function_url_cors":{"default":null,"description":"CORS configuration for the Lambda Function URL. Set to null to disable."},"lambda_architectures":{"default":["arm64"],"description":"Instruction set architecture for your Lambda function."},"lambda_handler":{"default":"bootstrap","description":"Lambda handler. For custom runtimes (provided.al2/2023) this is typically 'bootstrap'."},"lambda_memory_size":{"default":256,"description":"Memory size (MB) for the Lambda function."},"lambda_runtime":{"default":"provided.al2","description":"Lambda runtime. Rust is typically deployed as a custom runtime."},"lambda_timeout":{"default":10,"description":"Timeout (seconds) for the Lambda function."},"lambda_zip_path":{"default":"../infra/.dummy/lambda.zip","description":"Path to the Lambda deployment ZIP file."},"log_retention_in_days":{"default":14,"description":"CloudWatch log retention in days."},"project_name":{"default":"rigitbot","description":"Project/name prefix used for resource naming."},"reserved_concurrent_executions":{"default":null,"description":"Reserved concurrency for the Lambda function. Set to null for unreserved."}}}},"relevant_attributes":[{"resource":"aws_cloudwatch_log_group.lambda","attribute":["arn"]},{"resource":"aws_iam_role.lambda_exec","attribute":["arn"]},{"resource":"aws_iam_role.lambda_exec","attribute":["id"]},{"resource":"aws_lambda_function.this","attribute":["arn"]},{"resource":"aws_lambda_function.this","attribute":["function_name"]},{"resource":"aws_lambda_function_url.this","attribute":["function_url"]}],"checks":[{"address":{"kind":"var","name":"function_url_auth_type","to_display":"var.function_url_auth_type"},"status":"pass","instances":[{"address":{"to_display":"var.function_url_auth_type"},"status":"pass"}]}],"timestamp":"2026-01-27T02:39:41Z","applyable":true,"complete":true,"errored":false}
