data.archive_file.lambda_dummy: Reading...
data.archive_file.lambda_dummy: Read complete after 0s [id=58e93fade67637870be5af38eff8d5aa66c7da49]
data.aws_caller_identity.current: Reading...
data.aws_region.current: Reading...
data.aws_region.current: Read complete after 0s [id=us-east-1]
data.aws_caller_identity.current: Read complete after 0s [id=000000000000]

Terraform used the selected providers to generate the following execution
plan. Resource actions are indicated with the following symbols:
  + create

Terraform will perform the following actions:

  # aws_cloudwatch_log_group.lambda will be created
  + resource "aws_cloudwatch_log_group" "lambda" {
      + arn               = (known after apply)
      + id                = (known after apply)
      + log_group_class   = (known after apply)
      + name              = "/aws/lambda/rigitbot-dev-fn"
      + name_prefix       = (known after apply)
      + retention_in_days = 14
      + skip_destroy      = false
      + tags_all          = {
          + "Environment" = "dev"
          + "ManagedBy"   = "terraform"
          + "Project"     = "rigitbot"
        }
    }

  # aws_cloudwatch_metric_alarm.lambda_errors will be created
  + resource "aws_cloudwatch_metric_alarm" "lambda_errors" {
      + actions_enabled                       = true
      + alarm_description                     = "Lambda function errors > 0"
      + alarm_name                            = "rigitbot-dev-lambda-errors"
      + arn                                   = (known after apply)
      + comparison_operator                   = "GreaterThanThreshold"
      + dimensions                            = {
          + "FunctionName" = "rigitbot-dev-fn"
        }
      + evaluate_low_sample_count_percentiles = (known after apply)
      + evaluation_periods                    = 1
      + id                                    = (known after apply)
      + metric_name                           = "Errors"
      + namespace                             = "AWS/Lambda"
      + period                                = 60
      + statistic                             = "Sum"
      + tags_all                              = {
          + "Environment" = "dev"
          + "ManagedBy"   = "terraform"
          + "Project"     = "rigitbot"
        }
      + threshold                             = 0
      + treat_missing_data                    = "missing"
    }

  # aws_cloudwatch_metric_alarm.lambda_throttles will be created
  + resource "aws_cloudwatch_metric_alarm" "lambda_throttles" {
      + actions_enabled                       = true
      + alarm_description                     = "Lambda throttles > 0"
      + alarm_name                            = "rigitbot-dev-lambda-throttles"
      + arn                                   = (known after apply)
      + comparison_operator                   = "GreaterThanThreshold"
      + dimensions                            = {
          + "FunctionName" = "rigitbot-dev-fn"
        }
      + evaluate_low_sample_count_percentiles = (known after apply)
      + evaluation_periods                    = 1
      + id                                    = (known after apply)
      + metric_name                           = "Throttles"
      + namespace                             = "AWS/Lambda"
      + period                                = 60
      + statistic                             = "Sum"
      + tags_all                              = {
          + "Environment" = "dev"
          + "ManagedBy"   = "terraform"
          + "Project"     = "rigitbot"
        }
      + threshold                             = 0
      + treat_missing_data                    = "missing"
    }

  # aws_iam_role.lambda_exec will be created
  + resource "aws_iam_role" "lambda_exec" {
      + arn                   = (known after apply)
      + assume_role_policy    = jsonencode(
            {
              + Statement = [
                  + {
                      + Action    = "sts:AssumeRole"
                      + Effect    = "Allow"
                      + Principal = {
                          + Service = "lambda.amazonaws.com"
                        }
                    },
                ]
              + Version   = "2012-10-17"
            }
        )
      + create_date           = (known after apply)
      + force_detach_policies = false
      + id                    = (known after apply)
      + managed_policy_arns   = (known after apply)
      + max_session_duration  = 3600
      + name                  = "rigitbot-dev-lambda-exec"
      + name_prefix           = (known after apply)
      + path                  = "/"
      + tags_all              = {
          + "Environment" = "dev"
          + "ManagedBy"   = "terraform"
          + "Project"     = "rigitbot"
        }
      + unique_id             = (known after apply)

      + inline_policy (known after apply)
    }

  # aws_iam_role_policy.lambda_logs will be created
  + resource "aws_iam_role_policy" "lambda_logs" {
      + id          = (known after apply)
      + name        = "rigitbot-dev-lambda-logs"
      + name_prefix = (known after apply)
      + policy      = (known after apply)
      + role        = (known after apply)
    }

  # aws_lambda_function.this will be created
  + resource "aws_lambda_function" "this" {
      + architectures                  = [
          + "arm64",
        ]
      + arn                            = (known after apply)
      + code_sha256                    = (known after apply)
      + description                    = "Rust Lambda exposed via Lambda Function URL"
      + filename                       = "../infra/.dummy/lambda.zip"
      + function_name                  = "rigitbot-dev-fn"
      + handler                        = "bootstrap"
      + id                             = (known after apply)
      + invoke_arn                     = (known after apply)
      + last_modified                  = (known after apply)
      + memory_size                    = 256
      + package_type                   = "Zip"
      + publish                        = false
      + qualified_arn                  = (known after apply)
      + qualified_invoke_arn           = (known after apply)
      + reserved_concurrent_executions = -1
      + role                           = (known after apply)
      + runtime                        = "provided.al2"
      + signing_job_arn                = (known after apply)
      + signing_profile_version_arn    = (known after apply)
      + skip_destroy                   = false
      + source_code_hash               = "wmbalFzzY/wG3ivChKElOZB3+B4gptmQyIat05p+fU4="
      + source_code_size               = (known after apply)
      + tags_all                       = {
          + "Environment" = "dev"
          + "ManagedBy"   = "terraform"
          + "Project"     = "rigitbot"
        }
      + timeout                        = 10
      + version                        = (known after apply)

      + environment {
          + variables = {
              + "RUST_LOG" = "info"
            }
        }

      + ephemeral_storage (known after apply)

      + logging_config (known after apply)

      + tracing_config {
          + mode = "PassThrough"
        }
    }

  # aws_lambda_function_url.this will be created
  + resource "aws_lambda_function_url" "this" {
      + authorization_type = "AWS_IAM"
      + function_arn       = (known after apply)
      + function_name      = (known after apply)
      + function_url       = (known after apply)
      + id                 = (known after apply)
      + invoke_mode        = "BUFFERED"
      + url_id             = (known after apply)
    }

Plan: 7 to add, 0 to change, 0 to destroy.

Changes to Outputs:
  + aws_region           = "us-east-1"
  + lambda_function_arn  = (known after apply)
  + lambda_function_name = "rigitbot-dev-fn"
  + lambda_function_url  = (known after apply)
