{"format_version":"1.2","terraform_version":"1.13.5","variables":{"app_name":{"value":"mongodb-aws-ecs"},"assign_public_ip":{"value":true},"aws_region":{"value":"eu-west-2"},"container_image":{"value":"ai-basis-tf"},"cpu":{"value":256},"desired_count":{"value":1},"execution_role_arn":{"value":"arn:aws:iam:us-east-1:000000000000:ai-basis-tf"},"memory":{"value":512},"mongodb_uri":{"value":"ai-basis-tf"},"security_groups":{"value":[]},"subnets":{"value":[]}},"planned_values":{"outputs":{"cloudwatch_log_group":{"sensitive":false,"type":"string","value":"/ecs/mongodb-aws-ecs"},"ecs_cluster_name":{"sensitive":false,"type":"string","value":"mongodb-aws-ecs"},"ecs_service_name":{"sensitive":false,"type":"string","value":"mongodb-aws-ecs"}},"root_module":{"resources":[{"address":"aws_cloudwatch_log_group.app","mode":"managed","type":"aws_cloudwatch_log_group","name":"app","provider_name":"registry.terraform.io/hashicorp/aws","schema_version":0,"values":{"kms_key_id":null,"name":"/ecs/mongodb-aws-ecs","region":"eu-west-2","retention_in_days":7,"skip_destroy":false,"tags":{"Application":"mongodb-aws-ecs"},"tags_all":{"Application":"mongodb-aws-ecs"}},"sensitive_values":{"tags":{},"tags_all":{}},"identity_schema_version":0,"identity":{"account_id":null,"name":null,"region":null}},{"address":"aws_ecs_cluster.this","mode":"managed","type":"aws_ecs_cluster","name":"this","provider_name":"registry.terraform.io/hashicorp/aws","schema_version":0,"values":{"configuration":[],"name":"mongodb-aws-ecs","region":"eu-west-2","service_connect_defaults":[],"tags":{"Application":"mongodb-aws-ecs"},"tags_all":{"Application":"mongodb-aws-ecs"}},"sensitive_values":{"configuration":[],"service_connect_defaults":[],"setting":[],"tags":{},"tags_all":{}}},{"address":"aws_ecs_service.this","mode":"managed","type":"aws_ecs_service","name":"this","provider_name":"registry.terraform.io/hashicorp/aws","schema_version":1,"values":{"alarms":[],"capacity_provider_strategy":[],"deployment_circuit_breaker":[],"deployment_controller":[],"deployment_maximum_percent":200,"deployment_minimum_healthy_percent":100,"desired_count":1,"enable_ecs_managed_tags":false,"enable_execute_command":false,"force_delete":null,"force_new_deployment":null,"health_check_grace_period_seconds":null,"launch_type":"FARGATE","load_balancer":[],"name":"mongodb-aws-ecs","network_configuration":[{"assign_public_ip":true,"security_groups":null,"subnets":null}],"ordered_placement_strategy":[],"placement_constraints":[],"propagate_tags":null,"region":"eu-west-2","scheduling_strategy":"REPLICA","service_connect_configuration":[],"service_registries":[],"sigint_rollback":null,"tags":{"Application":"mongodb-aws-ecs"},"tags_all":{"Application":"mongodb-aws-ecs"},"timeouts":null,"volume_configuration":[],"vpc_lattice_configurations":[],"wait_for_steady_state":false},"sensitive_values":{"alarms":[],"capacity_provider_strategy":[],"deployment_circuit_breaker":[],"deployment_configuration":[],"deployment_controller":[],"load_balancer":[],"network_configuration":[{}],"ordered_placement_strategy":[],"placement_constraints":[],"service_connect_configuration":[],"service_registries":[],"tags":{},"tags_all":{},"triggers":{},"volume_configuration":[],"vpc_lattice_configurations":[]}},{"address":"aws_ecs_task_definition.this","mode":"managed","type":"aws_ecs_task_definition","name":"this","provider_name":"registry.terraform.io/hashicorp/aws","schema_version":1,"values":{"container_definitions":"[{\"environment\":[{\"name\":\"MONGODB_URI\",\"value\":\"ai-basis-tf\"}],\"essential\":true,\"image\":\"ai-basis-tf\",\"logConfiguration\":{\"logDriver\":\"awslogs\",\"options\":{\"awslogs-group\":\"/ecs/mongodb-aws-ecs\",\"awslogs-region\":\"eu-west-2\",\"awslogs-stream-prefix\":\"ecs\"}},\"name\":\"mongodb-aws-ecs\"}]","cpu":"256","ephemeral_storage":[],"execution_role_arn":"arn:aws:iam:us-east-1:000000000000:ai-basis-tf","family":"mongodb-aws-ecs","ipc_mode":null,"memory":"512","network_mode":"awsvpc","pid_mode":null,"placement_constraints":[],"proxy_configuration":[],"region":"eu-west-2","requires_compatibilities":["FARGATE"],"runtime_platform":[],"skip_destroy":false,"tags":{"Application":"mongodb-aws-ecs"},"tags_all":{"Application":"mongodb-aws-ecs"},"task_role_arn":null,"track_latest":false,"volume":[]},"sensitive_values":{"container_definitions":true,"ephemeral_storage":[],"placement_constraints":[],"proxy_configuration":[],"requires_compatibilities":[false],"runtime_platform":[],"tags":{},"tags_all":{},"volume":[]}}]}},"resource_changes":[{"address":"aws_cloudwatch_log_group.app","mode":"managed","type":"aws_cloudwatch_log_group","name":"app","provider_name":"registry.terraform.io/hashicorp/aws","change":{"actions":["create"],"before":null,"after":{"kms_key_id":null,"name":"/ecs/mongodb-aws-ecs","region":"eu-west-2","retention_in_days":7,"skip_destroy":false,"tags":{"Application":"mongodb-aws-ecs"},"tags_all":{"Application":"mongodb-aws-ecs"}},"after_unknown":{"arn":true,"deletion_protection_enabled":true,"id":true,"log_group_class":true,"name_prefix":true,"tags":{},"tags_all":{}},"before_sensitive":false,"after_sensitive":{"tags":{},"tags_all":{}},"after_identity":{"account_id":null,"name":null,"region":null}}},{"address":"aws_ecs_cluster.this","mode":"managed","type":"aws_ecs_cluster","name":"this","provider_name":"registry.terraform.io/hashicorp/aws","change":{"actions":["create"],"before":null,"after":{"configuration":[],"name":"mongodb-aws-ecs","region":"eu-west-2","service_connect_defaults":[],"tags":{"Application":"mongodb-aws-ecs"},"tags_all":{"Application":"mongodb-aws-ecs"}},"after_unknown":{"arn":true,"configuration":[],"id":true,"service_connect_defaults":[],"setting":true,"tags":{},"tags_all":{}},"before_sensitive":false,"after_sensitive":{"configuration":[],"service_connect_defaults":[],"setting":[],"tags":{},"tags_all":{}}}},{"address":"aws_ecs_service.this","mode":"managed","type":"aws_ecs_service","name":"this","provider_name":"registry.terraform.io/hashicorp/aws","change":{"actions":["create"],"before":null,"after":{"alarms":[],"capacity_provider_strategy":[],"deployment_circuit_breaker":[],"deployment_controller":[],"deployment_maximum_percent":200,"deployment_minimum_healthy_percent":100,"desired_count":1,"enable_ecs_managed_tags":false,"enable_execute_command":false,"force_delete":null,"force_new_deployment":null,"health_check_grace_period_seconds":null,"launch_type":"FARGATE","load_balancer":[],"name":"mongodb-aws-ecs","network_configuration":[{"assign_public_ip":true,"security_groups":null,"subnets":null}],"ordered_placement_strategy":[],"placement_constraints":[],"propagate_tags":null,"region":"eu-west-2","scheduling_strategy":"REPLICA","service_connect_configuration":[],"service_registries":[],"sigint_rollback":null,"tags":{"Application":"mongodb-aws-ecs"},"tags_all":{"Application":"mongodb-aws-ecs"},"timeouts":null,"volume_configuration":[],"vpc_lattice_configurations":[],"wait_for_steady_state":false},"after_unknown":{"alarms":[],"arn":true,"availability_zone_rebalancing":true,"capacity_provider_strategy":[],"cluster":true,"deployment_circuit_breaker":[],"deployment_configuration":true,"deployment_controller":[],"iam_role":true,"id":true,"load_balancer":[],"network_configuration":[{}],"ordered_placement_strategy":[],"placement_constraints":[],"platform_version":true,"service_connect_configuration":[],"service_registries":[],"tags":{},"tags_all":{},"task_definition":true,"triggers":true,"volume_configuration":[],"vpc_lattice_configurations":[]},"before_sensitive":false,"after_sensitive":{"alarms":[],"capacity_provider_strategy":[],"deployment_circuit_breaker":[],"deployment_configuration":[],"deployment_controller":[],"load_balancer":[],"network_configuration":[{}],"ordered_placement_strategy":[],"placement_constraints":[],"service_connect_configuration":[],"service_registries":[],"tags":{},"tags_all":{},"triggers":{},"volume_configuration":[],"vpc_lattice_configurations":[]}}},{"address":"aws_ecs_task_definition.this","mode":"managed","type":"aws_ecs_task_definition","name":"this","provider_name":"registry.terraform.io/hashicorp/aws","change":{"actions":["create"],"before":null,"after":{"container_definitions":"[{\"environment\":[{\"name\":\"MONGODB_URI\",\"value\":\"ai-basis-tf\"}],\"essential\":true,\"image\":\"ai-basis-tf\",\"logConfiguration\":{\"logDriver\":\"awslogs\",\"options\":{\"awslogs-group\":\"/ecs/mongodb-aws-ecs\",\"awslogs-region\":\"eu-west-2\",\"awslogs-stream-prefix\":\"ecs\"}},\"name\":\"mongodb-aws-ecs\"}]","cpu":"256","ephemeral_storage":[],"execution_role_arn":"arn:aws:iam:us-east-1:000000000000:ai-basis-tf","family":"mongodb-aws-ecs","ipc_mode":null,"memory":"512","network_mode":"awsvpc","pid_mode":null,"placement_constraints":[],"proxy_configuration":[],"region":"eu-west-2","requires_compatibilities":["FARGATE"],"runtime_platform":[],"skip_destroy":false,"tags":{"Application":"mongodb-aws-ecs"},"tags_all":{"Application":"mongodb-aws-ecs"},"task_role_arn":null,"track_latest":false,"volume":[]},"after_unknown":{"arn":true,"arn_without_revision":true,"enable_fault_injection":true,"ephemeral_storage":[],"id":true,"placement_constraints":[],"proxy_configuration":[],"requires_compatibilities":[false],"revision":true,"runtime_platform":[],"tags":{},"tags_all":{},"volume":[]},"before_sensitive":false,"after_sensitive":{"container_definitions":true,"ephemeral_storage":[],"placement_constraints":[],"proxy_configuration":[],"requires_compatibilities":[false],"runtime_platform":[],"tags":{},"tags_all":{},"volume":[]}}}],"output_changes":{"cloudwatch_log_group":{"actions":["create"],"before":null,"after":"/ecs/mongodb-aws-ecs","after_unknown":false,"before_sensitive":false,"after_sensitive":false},"ecs_cluster_name":{"actions":["create"],"before":null,"after":"mongodb-aws-ecs","after_unknown":false,"before_sensitive":false,"after_sensitive":false},"ecs_service_name":{"actions":["create"],"before":null,"after":"mongodb-aws-ecs","after_unknown":false,"before_sensitive":false,"after_sensitive":false}},"prior_state":{"format_version":"1.0","terraform_version":"1.13.5","values":{"outputs":{"cloudwatch_log_group":{"sensitive":false,"value":"/ecs/mongodb-aws-ecs","type":"string"},"ecs_cluster_name":{"sensitive":false,"value":"mongodb-aws-ecs","type":"string"},"ecs_service_name":{"sensitive":false,"value":"mongodb-aws-ecs","type":"string"}},"root_module":{"resources":[{"address":"data.aws_caller_identity.current","mode":"data","type":"aws_caller_identity","name":"current","provider_name":"registry.terraform.io/hashicorp/aws","schema_version":0,"values":{"account_id":"000000000000","arn":"arn:aws:iam::000000000000:root","id":"000000000000","user_id":"AKIAIOSFODNN7EXAMPLE"},"sensitive_values":{}},{"address":"data.aws_region.current","mode":"data","type":"aws_region","name":"current","provider_name":"registry.terraform.io/hashicorp/aws","schema_version":0,"values":{"description":"Europe (London)","endpoint":"ec2.eu-west-2.amazonaws.com","id":"eu-west-2","name":"eu-west-2","region":"eu-west-2"},"sensitive_values":{}}]}}},"configuration":{"provider_config":{"aws":{"name":"aws","full_name":"registry.terraform.io/hashicorp/aws","version_constraint":"\u003e= 5.0.0","expressions":{"region":{"references":["var.aws_region"]}}}},"root_module":{"outputs":{"cloudwatch_log_group":{"expression":{"references":["aws_cloudwatch_log_group.app.name","aws_cloudwatch_log_group.app"]},"description":"CloudWatch log group for container logs"},"ecs_cluster_name":{"expression":{"references":["aws_ecs_cluster.this.name","aws_ecs_cluster.this"]},"description":"ECS cluster name"},"ecs_service_name":{"expression":{"references":["aws_ecs_service.this.name","aws_ecs_service.this"]},"description":"ECS service name"}},"resources":[{"address":"aws_cloudwatch_log_group.app","mode":"managed","type":"aws_cloudwatch_log_group","name":"app","provider_config_key":"aws","expressions":{"name":{"references":["var.app_name"]},"retention_in_days":{"constant_value":7},"tags":{"references":["var.app_name"]}},"schema_version":0},{"address":"aws_ecs_cluster.this","mode":"managed","type":"aws_ecs_cluster","name":"this","provider_config_key":"aws","expressions":{"name":{"references":["var.app_name"]},"tags":{"references":["var.app_name"]}},"schema_version":0},{"address":"aws_ecs_service.this","mode":"managed","type":"aws_ecs_service","name":"this","provider_config_key":"aws","expressions":{"cluster":{"references":["aws_ecs_cluster.this.id","aws_ecs_cluster.this"]},"desired_count":{"references":["var.desired_count"]},"launch_type":{"constant_value":"FARGATE"},"name":{"references":["var.app_name"]},"network_configuration":[{"assign_public_ip":{"references":["var.assign_public_ip"]},"security_groups":{"references":["var.security_groups"]},"subnets":{"references":["var.subnets"]}}],"tags":{"references":["var.app_name"]},"task_definition":{"references":["aws_ecs_task_definition.this.arn","aws_ecs_task_definition.this"]}},"schema_version":1},{"address":"aws_ecs_task_definition.this","mode":"managed","type":"aws_ecs_task_definition","name":"this","provider_config_key":"aws","expressions":{"container_definitions":{"references":["var.app_name","var.container_image","var.mongodb_uri","aws_cloudwatch_log_group.app.name","aws_cloudwatch_log_group.app","var.aws_region"]},"cpu":{"references":["var.cpu"]},"execution_role_arn":{"references":["var.execution_role_arn"]},"family":{"references":["var.app_name"]},"memory":{"references":["var.memory"]},"network_mode":{"constant_value":"awsvpc"},"requires_compatibilities":{"constant_value":["FARGATE"]},"tags":{"references":["var.app_name"]}},"schema_version":1},{"address":"data.aws_caller_identity.current","mode":"data","type":"aws_caller_identity","name":"current","provider_config_key":"aws","schema_version":0},{"address":"data.aws_region.current","mode":"data","type":"aws_region","name":"current","provider_config_key":"aws","schema_version":0}],"variables":{"app_name":{"default":"mongodb-aws-ecs","description":"Application name used for resource naming"},"assign_public_ip":{"default":true,"description":"Assign a public IP to the task ENI (useful when running in public subnets without NAT)"},"aws_region":{"default":"eu-west-2","description":"AWS region to deploy into"},"container_image":{"description":"Container image URI (e.g., ECR image)"},"cpu":{"default":256,"description":"Fargate task CPU units"},"desired_count":{"default":1,"description":"Number of tasks to run"},"execution_role_arn":{"description":"Existing ECS task execution role ARN (must allow pulling image + writing logs)"},"memory":{"default":512,"description":"Fargate task memory (MiB)"},"mongodb_uri":{"description":"MongoDB connection string (e.g., MongoDB Atlas URI)","sensitive":true},"security_groups":{"description":"Security group IDs to attach to the ECS tasks"},"subnets":{"description":"Subnet IDs for the ECS service (typically public subnets if assign_public_ip=true)"}}}},"relevant_attributes":[{"resource":"aws_cloudwatch_log_group.app","attribute":["name"]},{"resource":"aws_ecs_service.this","attribute":["name"]},{"resource":"aws_ecs_cluster.this","attribute":["id"]},{"resource":"aws_ecs_cluster.this","attribute":["name"]},{"resource":"aws_ecs_task_definition.this","attribute":["arn"]}],"timestamp":"2026-01-25T14:08:26Z","applyable":true,"complete":true,"errored":false}
