data.aws_caller_identity.current: Reading...
data.aws_region.current: Reading...
data.aws_region.current: Read complete after 0s [id=eu-west-2]
data.aws_caller_identity.current: Read complete after 0s [id=000000000000]

Terraform used the selected providers to generate the following execution
plan. Resource actions are indicated with the following symbols:
  + create

Terraform will perform the following actions:

  # aws_cloudwatch_log_group.app will be created
  + resource "aws_cloudwatch_log_group" "app" {
      + arn                         = (known after apply)
      + deletion_protection_enabled = (known after apply)
      + id                          = (known after apply)
      + log_group_class             = (known after apply)
      + name                        = "/ecs/mongodb-aws-ecs"
      + name_prefix                 = (known after apply)
      + region                      = "eu-west-2"
      + retention_in_days           = 7
      + skip_destroy                = false
      + tags                        = {
          + "Application" = "mongodb-aws-ecs"
        }
      + tags_all                    = {
          + "Application" = "mongodb-aws-ecs"
        }
    }

  # aws_ecs_cluster.this will be created
  + resource "aws_ecs_cluster" "this" {
      + arn      = (known after apply)
      + id       = (known after apply)
      + name     = "mongodb-aws-ecs"
      + region   = "eu-west-2"
      + tags     = {
          + "Application" = "mongodb-aws-ecs"
        }
      + tags_all = {
          + "Application" = "mongodb-aws-ecs"
        }

      + setting (known after apply)
    }

  # aws_ecs_service.this will be created
  + resource "aws_ecs_service" "this" {
      + arn                                = (known after apply)
      + availability_zone_rebalancing      = (known after apply)
      + cluster                            = (known after apply)
      + deployment_maximum_percent         = 200
      + deployment_minimum_healthy_percent = 100
      + desired_count                      = 1
      + enable_ecs_managed_tags            = false
      + enable_execute_command             = false
      + iam_role                           = (known after apply)
      + id                                 = (known after apply)
      + launch_type                        = "FARGATE"
      + name                               = "mongodb-aws-ecs"
      + platform_version                   = (known after apply)
      + region                             = "eu-west-2"
      + scheduling_strategy                = "REPLICA"
      + tags                               = {
          + "Application" = "mongodb-aws-ecs"
        }
      + tags_all                           = {
          + "Application" = "mongodb-aws-ecs"
        }
      + task_definition                    = (known after apply)
      + triggers                           = (known after apply)
      + wait_for_steady_state              = false

      + deployment_configuration (known after apply)

      + network_configuration {
          + assign_public_ip = true
        }
    }

  # aws_ecs_task_definition.this will be created
  + resource "aws_ecs_task_definition" "this" {
      + arn                      = (known after apply)
      + arn_without_revision     = (known after apply)
      + container_definitions    = (sensitive value)
      + cpu                      = "256"
      + enable_fault_injection   = (known after apply)
      + execution_role_arn       = "arn:aws:iam:us-east-1:000000000000:ai-basis-tf"
      + family                   = "mongodb-aws-ecs"
      + id                       = (known after apply)
      + memory                   = "512"
      + network_mode             = "awsvpc"
      + region                   = "eu-west-2"
      + requires_compatibilities = [
          + "FARGATE",
        ]
      + revision                 = (known after apply)
      + skip_destroy             = false
      + tags                     = {
          + "Application" = "mongodb-aws-ecs"
        }
      + tags_all                 = {
          + "Application" = "mongodb-aws-ecs"
        }
      + track_latest             = false
    }

Plan: 4 to add, 0 to change, 0 to destroy.

Changes to Outputs:
  + cloudwatch_log_group = "/ecs/mongodb-aws-ecs"
  + ecs_cluster_name     = "mongodb-aws-ecs"
  + ecs_service_name     = "mongodb-aws-ecs"
