{
  "version": 4,
  "terraform_version": "1.13.5",
  "serial": 11,
  "lineage": "457bf891-17fe-0946-8e5f-3a89c2df351b",
  "outputs": {},
  "resources": [
    {
      "mode": "data",
      "type": "archive_file",
      "name": "lambda_dummy",
      "provider": "provider[\"registry.terraform.io/hashicorp/archive\"]",
      "instances": [
        {
          "schema_version": 0,
          "attributes": {
            "exclude_symlink_directories": null,
            "excludes": null,
            "id": "58e93fade67637870be5af38eff8d5aa66c7da49",
            "output_base64sha256": "wmbalFzzY/wG3ivChKElOZB3+B4gptmQyIat05p+fU4=",
            "output_base64sha512": "BQYAg1LwEY4tDmry1VoRx6StX0vjH+7LpfB5KAZLVvfJQjioPbBv1QxI6QF6P2U614fU3h9XKBCb9z5Y1ornqA==",
            "output_file_mode": null,
            "output_md5": "a0dbd832a6a977d6d5b28ea5c85e30fb",
            "output_path": "./.dummy/lambda.zip",
            "output_sha": "58e93fade67637870be5af38eff8d5aa66c7da49",
            "output_sha256": "c266da945cf363fc06de2bc284a125399077f81e20a6d990c886add39a7e7d4e",
            "output_sha512": "0506008352f0118e2d0e6af2d55a11c7a4ad5f4be31feecba5f07928064b56f7c94238a83db06fd50c48e9017a3f653ad787d4de1f5728109bf73e58d68ae7a8",
            "output_size": 246,
            "source": [
              {
                "content": "exports.handler = async (event) =\u003e {\n  console.log(\"Dummy lambda invoked\");\n  return { statusCode: 200, body: \"dummy\" };\n};\n",
                "filename": "index.js"
              }
            ],
            "source_content": null,
            "source_content_filename": null,
            "source_dir": null,
            "source_file": null,
            "type": "zip"
          },
          "sensitive_attributes": [],
          "identity_schema_version": 0
        }
      ]
    },
    {
      "mode": "managed",
      "type": "aws_cloudwatch_event_rule",
      "name": "every_15_minutes",
      "provider": "provider[\"registry.terraform.io/hashicorp/aws\"]",
      "instances": [
        {
          "schema_version": 1,
          "attributes": {
            "arn": "arn:aws:events:ca-central-1:000000000000:rule/every-15-minutes",
            "description": "Trigger every 15 minutes",
            "event_bus_name": "default",
            "event_pattern": null,
            "force_destroy": false,
            "id": "every-15-minutes",
            "is_enabled": true,
            "name": "every-15-minutes",
            "name_prefix": "",
            "role_arn": "",
            "schedule_expression": "rate(15 minutes)",
            "state": "ENABLED",
            "tags": null,
            "tags_all": {}
          },
          "sensitive_attributes": [],
          "identity_schema_version": 0,
          "private": "eyJzY2hlbWFfdmVyc2lvbiI6IjEifQ=="
        }
      ]
    },
    {
      "mode": "managed",
      "type": "aws_ecr_repository",
      "name": "playwright_lambda",
      "provider": "provider[\"registry.terraform.io/hashicorp/aws\"]",
      "instances": [
        {
          "schema_version": 0,
          "attributes": {
            "arn": "arn:aws:ecr:ca-central-1:000000000000:repository/playwright-lambda",
            "encryption_configuration": [
              {
                "encryption_type": "AES256",
                "kms_key": ""
              }
            ],
            "force_delete": null,
            "id": "playwright-lambda",
            "image_scanning_configuration": [
              {
                "scan_on_push": true
              }
            ],
            "image_tag_mutability": "MUTABLE",
            "name": "playwright-lambda",
            "registry_id": "000000000000",
            "repository_url": "000000000000.dkr.ecr.ca-central-1.localhost.localstack.cloud:4566/playwright-lambda",
            "tags": {
              "CostCentre": "sre",
              "Terraform": "true"
            },
            "tags_all": {
              "CostCentre": "sre",
              "Terraform": "true"
            },
            "timeouts": null
          },
          "sensitive_attributes": [],
          "identity_schema_version": 0,
          "private": "eyJlMmJmYjczMC1lY2FhLTExZTYtOGY4OC0zNDM2M2JjN2M0YzAiOnsiZGVsZXRlIjoxMjAwMDAwMDAwMDAwfX0="
        }
      ]
    },
    {
      "module": "module.playwright_lambda",
      "mode": "data",
      "type": "aws_iam_policy",
      "name": "lambda_insights",
      "provider": "provider[\"registry.terraform.io/hashicorp/aws\"]",
      "instances": [
        {
          "index_key": 0,
          "schema_version": 0,
          "attributes": {
            "arn": "arn:aws:iam::aws:policy/CloudWatchLambdaInsightsExecutionRolePolicy",
            "attachment_count": 0,
            "description": "",
            "id": "arn:aws:iam::aws:policy/CloudWatchLambdaInsightsExecutionRolePolicy",
            "name": "CloudWatchLambdaInsightsExecutionRolePolicy",
            "path": "/",
            "path_prefix": null,
            "policy": "{\"Statement\": [{\"Action\": \"logs:CreateLogGroup\", \"Effect\": \"Allow\", \"Resource\": \"*\"}, {\"Action\": [\"logs:CreateLogStream\", \"logs:PutLogEvents\"], \"Effect\": \"Allow\", \"Resource\": \"arn:aws:logs:*:*:log-group:/aws/lambda-insights:*\"}], \"Version\": \"2012-10-17\"}",
            "policy_id": "AWF77XV9L8GH465DQERC1",
            "tags": {}
          },
          "sensitive_attributes": [],
          "identity_schema_version": 0
        }
      ]
    },
    {
      "module": "module.playwright_lambda",
      "mode": "data",
      "type": "aws_iam_policy_document",
      "name": "non_vpc_policies",
      "provider": "provider[\"registry.terraform.io/hashicorp/aws\"]",
      "instances": [
        {
          "index_key": 0,
          "schema_version": 0,
          "attributes": {
            "id": "4175610799",
            "json": "{\n  \"Version\": \"2012-10-17\",\n  \"Statement\": [\n    {\n      \"Sid\": \"CloudWatchAccess\",\n      \"Effect\": \"Allow\",\n      \"Action\": [\n        \"logs:PutLogEvents\",\n        \"logs:CreateLogStream\",\n        \"logs:CreateLogGroup\"\n      ],\n      \"Resource\": \"*\"\n    },\n    {\n      \"Sid\": \"ECRImageAccess\",\n      \"Effect\": \"Allow\",\n      \"Action\": [\n        \"ecr:GetDownloadUrlForlayer\",\n        \"ecr:BatchGetImage\"\n      ],\n      \"Resource\": \"arn:aws:ecr:ca-central-1:000000000000:repository/playwright-lambda\"\n    }\n  ]\n}",
            "minified_json": "{\"Version\":\"2012-10-17\",\"Statement\":[{\"Sid\":\"CloudWatchAccess\",\"Effect\":\"Allow\",\"Action\":[\"logs:PutLogEvents\",\"logs:CreateLogStream\",\"logs:CreateLogGroup\"],\"Resource\":\"*\"},{\"Sid\":\"ECRImageAccess\",\"Effect\":\"Allow\",\"Action\":[\"ecr:GetDownloadUrlForlayer\",\"ecr:BatchGetImage\"],\"Resource\":\"arn:aws:ecr:ca-central-1:000000000000:repository/playwright-lambda\"}]}",
            "override_json": null,
            "override_policy_documents": null,
            "policy_id": null,
            "source_json": null,
            "source_policy_documents": null,
            "statement": [
              {
                "actions": [
                  "logs:CreateLogGroup",
                  "logs:CreateLogStream",
                  "logs:PutLogEvents"
                ],
                "condition": [],
                "effect": "Allow",
                "not_actions": [],
                "not_principals": [],
                "not_resources": [],
                "principals": [],
                "resources": [
                  "*"
                ],
                "sid": "CloudWatchAccess"
              },
              {
                "actions": [
                  "ecr:BatchGetImage",
                  "ecr:GetDownloadUrlForlayer"
                ],
                "condition": [],
                "effect": "Allow",
                "not_actions": [],
                "not_principals": [],
                "not_resources": [],
                "principals": [],
                "resources": [
                  "arn:aws:ecr:ca-central-1:000000000000:repository/playwright-lambda"
                ],
                "sid": "ECRImageAccess"
              }
            ],
            "version": "2012-10-17"
          },
          "sensitive_attributes": [],
          "identity_schema_version": 0
        }
      ]
    },
    {
      "module": "module.playwright_lambda",
      "mode": "data",
      "type": "aws_iam_policy_document",
      "name": "service_principal",
      "provider": "provider[\"registry.terraform.io/hashicorp/aws\"]",
      "instances": [
        {
          "schema_version": 0,
          "attributes": {
            "id": "2690255455",
            "json": "{\n  \"Version\": \"2012-10-17\",\n  \"Statement\": [\n    {\n      \"Effect\": \"Allow\",\n      \"Action\": \"sts:AssumeRole\",\n      \"Principal\": {\n        \"Service\": \"lambda.amazonaws.com\"\n      }\n    }\n  ]\n}",
            "minified_json": "{\"Version\":\"2012-10-17\",\"Statement\":[{\"Effect\":\"Allow\",\"Action\":\"sts:AssumeRole\",\"Principal\":{\"Service\":\"lambda.amazonaws.com\"}}]}",
            "override_json": null,
            "override_policy_documents": null,
            "policy_id": null,
            "source_json": null,
            "source_policy_documents": null,
            "statement": [
              {
                "actions": [
                  "sts:AssumeRole"
                ],
                "condition": [],
                "effect": "Allow",
                "not_actions": [],
                "not_principals": [],
                "not_resources": [],
                "principals": [
                  {
                    "identifiers": [
                      "lambda.amazonaws.com"
                    ],
                    "type": "Service"
                  }
                ],
                "resources": [],
                "sid": ""
              }
            ],
            "version": "2012-10-17"
          },
          "sensitive_attributes": [],
          "identity_schema_version": 0
        }
      ]
    },
    {
      "module": "module.playwright_lambda",
      "mode": "data",
      "type": "aws_iam_policy_document",
      "name": "vpc_policies",
      "provider": "provider[\"registry.terraform.io/hashicorp/aws\"]",
      "instances": []
    },
    {
      "module": "module.playwright_lambda",
      "mode": "managed",
      "type": "aws_cloudwatch_log_group",
      "name": "this",
      "provider": "provider[\"registry.terraform.io/hashicorp/aws\"]",
      "instances": [
        {
          "schema_version": 0,
          "attributes": {
            "arn": "arn:aws:logs:ca-central-1:000000000000:log-group:/aws/lambda/playwright-lambda",
            "id": "/aws/lambda/playwright-lambda",
            "kms_key_id": "",
            "log_group_class": "",
            "name": "/aws/lambda/playwright-lambda",
            "name_prefix": "",
            "retention_in_days": 14,
            "skip_destroy": false,
            "tags": {
              "CostCentre": "sre",
              "Terraform": "true"
            },
            "tags_all": {
              "CostCentre": "sre",
              "Terraform": "true"
            }
          },
          "sensitive_attributes": [],
          "identity_schema_version": 0,
          "private": "bnVsbA=="
        }
      ]
    },
    {
      "module": "module.playwright_lambda",
      "mode": "managed",
      "type": "aws_iam_policy",
      "name": "non_vpc_policies",
      "provider": "provider[\"registry.terraform.io/hashicorp/aws\"]",
      "instances": [
        {
          "index_key": 0,
          "schema_version": 0,
          "attributes": {
            "arn": "arn:aws:iam::000000000000:policy/playwright-lambda_non_vpc",
            "attachment_count": 0,
            "description": "",
            "id": "arn:aws:iam::000000000000:policy/playwright-lambda_non_vpc",
            "name": "playwright-lambda_non_vpc",
            "name_prefix": "",
            "path": "/",
            "policy": "{\"Statement\":[{\"Action\":[\"logs:PutLogEvents\",\"logs:CreateLogStream\",\"logs:CreateLogGroup\"],\"Effect\":\"Allow\",\"Resource\":\"*\",\"Sid\":\"CloudWatchAccess\"},{\"Action\":[\"ecr:GetDownloadUrlForlayer\",\"ecr:BatchGetImage\"],\"Effect\":\"Allow\",\"Resource\":\"arn:aws:ecr:ca-central-1:000000000000:repository/playwright-lambda\",\"Sid\":\"ECRImageAccess\"}],\"Version\":\"2012-10-17\"}",
            "policy_id": "A2M1RXMMDOVG50T98MQGR",
            "tags": {
              "CostCentre": "sre",
              "Terraform": "true"
            },
            "tags_all": {
              "CostCentre": "sre",
              "Terraform": "true"
            }
          },
          "sensitive_attributes": [],
          "identity_schema_version": 0,
          "private": "bnVsbA==",
          "dependencies": [
            "aws_ecr_repository.playwright_lambda",
            "module.playwright_lambda.data.aws_iam_policy_document.non_vpc_policies"
          ]
        }
      ]
    },
    {
      "module": "module.playwright_lambda",
      "mode": "managed",
      "type": "aws_iam_policy",
      "name": "policies",
      "provider": "provider[\"registry.terraform.io/hashicorp/aws\"]",
      "instances": []
    },
    {
      "module": "module.playwright_lambda",
      "mode": "managed",
      "type": "aws_iam_policy",
      "name": "vpc_policies",
      "provider": "provider[\"registry.terraform.io/hashicorp/aws\"]",
      "instances": []
    },
    {
      "module": "module.playwright_lambda",
      "mode": "managed",
      "type": "aws_iam_role",
      "name": "this",
      "provider": "provider[\"registry.terraform.io/hashicorp/aws\"]",
      "instances": [
        {
          "schema_version": 0,
          "attributes": {
            "arn": "arn:aws:iam::000000000000:role/playwright-lambda",
            "assume_role_policy": "{\"Statement\":[{\"Action\":\"sts:AssumeRole\",\"Effect\":\"Allow\",\"Principal\":{\"Service\":\"lambda.amazonaws.com\"}}],\"Version\":\"2012-10-17\"}",
            "create_date": "2026-01-27T15:23:20Z",
            "description": "",
            "force_detach_policies": false,
            "id": "playwright-lambda",
            "inline_policy": [],
            "managed_policy_arns": [],
            "max_session_duration": 3600,
            "name": "playwright-lambda",
            "name_prefix": "",
            "path": "/",
            "permissions_boundary": "",
            "tags": {
              "CostCentre": "sre",
              "Terraform": "true"
            },
            "tags_all": {
              "CostCentre": "sre",
              "Terraform": "true"
            },
            "unique_id": "AROAQAAAAAAAFAAZSVFDE"
          },
          "sensitive_attributes": [],
          "identity_schema_version": 0,
          "private": "bnVsbA==",
          "dependencies": [
            "module.playwright_lambda.data.aws_iam_policy_document.service_principal"
          ]
        }
      ]
    },
    {
      "module": "module.playwright_lambda",
      "mode": "managed",
      "type": "aws_iam_role_policy_attachment",
      "name": "AWSLambdaVPCAccessExecutionRole",
      "provider": "provider[\"registry.terraform.io/hashicorp/aws\"]",
      "instances": []
    },
    {
      "module": "module.playwright_lambda",
      "mode": "managed",
      "type": "aws_iam_role_policy_attachment",
      "name": "attachments",
      "provider": "provider[\"registry.terraform.io/hashicorp/aws\"]",
      "instances": []
    },
    {
      "module": "module.playwright_lambda",
      "mode": "managed",
      "type": "aws_iam_role_policy_attachment",
      "name": "lambda_insights",
      "provider": "provider[\"registry.terraform.io/hashicorp/aws\"]",
      "instances": [
        {
          "index_key": 0,
          "schema_version": 0,
          "attributes": {
            "id": "playwright-lambda-20260127152320724500000001",
            "policy_arn": "arn:aws:iam::aws:policy/CloudWatchLambdaInsightsExecutionRolePolicy",
            "role": "playwright-lambda"
          },
          "sensitive_attributes": [],
          "identity_schema_version": 0,
          "private": "bnVsbA==",
          "dependencies": [
            "module.playwright_lambda.aws_iam_role.this",
            "module.playwright_lambda.data.aws_iam_policy.lambda_insights",
            "module.playwright_lambda.data.aws_iam_policy_document.service_principal"
          ]
        }
      ]
    },
    {
      "module": "module.playwright_lambda",
      "mode": "managed",
      "type": "aws_iam_role_policy_attachment",
      "name": "non_vpc_policies",
      "provider": "provider[\"registry.terraform.io/hashicorp/aws\"]",
      "instances": [
        {
          "index_key": 0,
          "schema_version": 0,
          "attributes": {
            "id": "playwright-lambda-20260127152323054600000002",
            "policy_arn": "arn:aws:iam::000000000000:policy/playwright-lambda_non_vpc",
            "role": "playwright-lambda"
          },
          "sensitive_attributes": [],
          "identity_schema_version": 0,
          "private": "bnVsbA==",
          "dependencies": [
            "aws_ecr_repository.playwright_lambda",
            "module.playwright_lambda.aws_iam_policy.non_vpc_policies",
            "module.playwright_lambda.aws_iam_role.this",
            "module.playwright_lambda.data.aws_iam_policy_document.non_vpc_policies",
            "module.playwright_lambda.data.aws_iam_policy_document.service_principal"
          ]
        }
      ]
    },
    {
      "module": "module.playwright_lambda",
      "mode": "managed",
      "type": "aws_iam_role_policy_attachment",
      "name": "vpc_policies",
      "provider": "provider[\"registry.terraform.io/hashicorp/aws\"]",
      "instances": []
    },
    {
      "module": "module.playwright_lambda",
      "mode": "managed",
      "type": "aws_lambda_function",
      "name": "this",
      "provider": "provider[\"registry.terraform.io/hashicorp/aws\"]",
      "instances": [
        {
          "status": "tainted",
          "schema_version": 0,
          "attributes": {
            "architectures": [
              "x86_64"
            ],
            "arn": null,
            "code_sha256": null,
            "code_signing_config_arn": null,
            "dead_letter_config": [],
            "description": null,
            "environment": [],
            "ephemeral_storage": [
              {
                "size": 512
              }
            ],
            "file_system_config": [],
            "filename": null,
            "function_name": "playwright-lambda",
            "handler": null,
            "id": "playwright-lambda",
            "image_config": [],
            "image_uri": "000000000000.dkr.ecr.ca-central-1.localhost.localstack.cloud:4566/playwright-lambda:latest",
            "invoke_arn": null,
            "kms_key_arn": null,
            "last_modified": null,
            "layers": null,
            "logging_config": null,
            "memory_size": 2048,
            "package_type": "Image",
            "publish": false,
            "qualified_arn": null,
            "qualified_invoke_arn": null,
            "replace_security_groups_on_destroy": null,
            "replacement_security_group_ids": null,
            "reserved_concurrent_executions": -1,
            "role": "arn:aws:iam::000000000000:role/playwright-lambda",
            "runtime": null,
            "s3_bucket": null,
            "s3_key": null,
            "s3_object_version": null,
            "signing_job_arn": null,
            "signing_profile_version_arn": null,
            "skip_destroy": false,
            "snap_start": [],
            "source_code_hash": null,
            "source_code_size": null,
            "tags": {
              "CostCentre": "sre",
              "Terraform": "true"
            },
            "tags_all": {
              "CostCentre": "sre",
              "Terraform": "true"
            },
            "timeout": 300,
            "timeouts": null,
            "tracing_config": [
              {
                "mode": "PassThrough"
              }
            ],
            "version": null,
            "vpc_config": [
              {
                "ipv6_allowed_for_dual_stack": false,
                "security_group_ids": null,
                "subnet_ids": null,
                "vpc_id": ""
              }
            ]
          },
          "sensitive_attributes": [],
          "identity_schema_version": 0,
          "private": "eyJlMmJmYjczMC1lY2FhLTExZTYtOGY4OC0zNDM2M2JjN2M0YzAiOnsiY3JlYXRlIjo2MDAwMDAwMDAwMDAsImRlbGV0ZSI6NjAwMDAwMDAwMDAwLCJ1cGRhdGUiOjYwMDAwMDAwMDAwMH19",
          "dependencies": [
            "aws_ecr_repository.playwright_lambda",
            "module.playwright_lambda.aws_iam_role.this",
            "module.playwright_lambda.data.aws_iam_policy_document.service_principal"
          ]
        }
      ]
    }
  ],
  "check_results": [
    {
      "object_kind": "var",
      "config_addr": "module.playwright_lambda.var.ephemeral_storage",
      "status": "pass",
      "objects": [
        {
          "object_addr": "module.playwright_lambda.var.ephemeral_storage",
          "status": "pass"
        }
      ]
    }
  ]
}
