data.aws_caller_identity.current: Reading...
data.aws_partition.current: Reading...
data.aws_partition.current: Read complete after 0s [id=aws]
data.aws_caller_identity.current: Read complete after 0s [id=000000000000]

Terraform used the selected providers to generate the following execution
plan. Resource actions are indicated with the following symbols:
  + create

Terraform will perform the following actions:

  # aws_iam_role.iterator will be created
  + resource "aws_iam_role" "iterator" {
      + arn                   = (known after apply)
      + assume_role_policy    = jsonencode(
            {
              + Statement = [
                  + {
                      + Action    = "sts:AssumeRole"
                      + Effect    = "Allow"
                      + Principal = {
                          + Service = "lambda.amazonaws.com"
                        }
                    },
                ]
              + Version   = "2012-10-17"
            }
        )
      + create_date           = (known after apply)
      + force_detach_policies = false
      + id                    = (known after apply)
      + managed_policy_arns   = (known after apply)
      + max_session_duration  = 3600
      + name                  = "high-frequency-lambda-iterator-role"
      + name_prefix           = (known after apply)
      + path                  = "/"
      + tags_all              = {
          + "ManagedBy" = "terraform"
          + "Project"   = "high-frequency-lambda"
        }
      + unique_id             = (known after apply)

      + inline_policy (known after apply)
    }

  # aws_iam_role.sfn will be created
  + resource "aws_iam_role" "sfn" {
      + arn                   = (known after apply)
      + assume_role_policy    = jsonencode(
            {
              + Statement = [
                  + {
                      + Action    = "sts:AssumeRole"
                      + Effect    = "Allow"
                      + Principal = {
                          + Service = "states.amazonaws.com"
                        }
                    },
                ]
              + Version   = "2012-10-17"
            }
        )
      + create_date           = (known after apply)
      + force_detach_policies = false
      + id                    = (known after apply)
      + managed_policy_arns   = (known after apply)
      + max_session_duration  = 3600
      + name                  = "high-frequency-lambda-sfn-role"
      + name_prefix           = (known after apply)
      + path                  = "/"
      + tags_all              = {
          + "ManagedBy" = "terraform"
          + "Project"   = "high-frequency-lambda"
        }
      + unique_id             = (known after apply)

      + inline_policy (known after apply)
    }

  # aws_iam_role_policy.iterator_invoke_target will be created
  + resource "aws_iam_role_policy" "iterator_invoke_target" {
      + id          = (known after apply)
      + name        = "high-frequency-lambda-iterator-invoke-target"
      + name_prefix = (known after apply)
      + policy      = jsonencode(
            {
              + Statement = [
                  + {
                      + Action   = [
                          + "lambda:InvokeFunction",
                        ]
                      + Effect   = "Allow"
                      + Resource = "arn:aws:lambda:us-east-1:000000000000:ai-basis-tf"
                    },
                ]
              + Version   = "2012-10-17"
            }
        )
      + role        = (known after apply)
    }

  # aws_iam_role_policy.sfn_invoke_iterator will be created
  + resource "aws_iam_role_policy" "sfn_invoke_iterator" {
      + id          = (known after apply)
      + name        = "high-frequency-lambda-sfn-invoke-iterator"
      + name_prefix = (known after apply)
      + policy      = (known after apply)
      + role        = (known after apply)
    }

  # aws_iam_role_policy_attachment.iterator_basic will be created
  + resource "aws_iam_role_policy_attachment" "iterator_basic" {
      + id         = (known after apply)
      + policy_arn = "arn:aws:iam::aws:policy/service-role/AWSLambdaBasicExecutionRole"
      + role       = "high-frequency-lambda-iterator-role"
    }

  # aws_lambda_function.iterator will be created
  + resource "aws_lambda_function" "iterator" {
      + architectures                  = (known after apply)
      + arn                            = (known after apply)
      + code_sha256                    = (known after apply)
      + filename                       = "./lambda_placeholder.zip"
      + function_name                  = "high-frequency-lambda-iterator"
      + handler                        = "bootstrap"
      + id                             = (known after apply)
      + invoke_arn                     = (known after apply)
      + last_modified                  = (known after apply)
      + memory_size                    = 128
      + package_type                   = "Zip"
      + publish                        = false
      + qualified_arn                  = (known after apply)
      + qualified_invoke_arn           = (known after apply)
      + region                         = "us-east-1"
      + reserved_concurrent_executions = -1
      + response_streaming_invoke_arn  = (known after apply)
      + role                           = (known after apply)
      + runtime                        = "provided.al2023"
      + signing_job_arn                = (known after apply)
      + signing_profile_version_arn    = (known after apply)
      + skip_destroy                   = false
      + source_code_hash               = "NHh1HYBDjKzSJT2yRxyauauktRPHnzluJ4+l0YLoDaA="
      + source_code_size               = (known after apply)
      + tags_all                       = {
          + "ManagedBy" = "terraform"
          + "Project"   = "high-frequency-lambda"
        }
      + timeout                        = 3
      + version                        = (known after apply)

      + environment {
          + variables = {
              + "LAMBDA" = "arn:aws:lambda:us-east-1:000000000000:ai-basis-tf"
              + "REGION" = "us-east-1"
            }
        }

      + ephemeral_storage (known after apply)

      + logging_config (known after apply)

      + tracing_config (known after apply)
    }

  # aws_sfn_state_machine.hfl will be created
  + resource "aws_sfn_state_machine" "hfl" {
      + arn                       = (known after apply)
      + creation_date             = (known after apply)
      + definition                = (known after apply)
      + description               = (known after apply)
      + id                        = (known after apply)
      + name                      = "high-frequency-lambda-state-machine"
      + name_prefix               = (known after apply)
      + publish                   = false
      + region                    = "us-east-1"
      + revision_id               = (known after apply)
      + role_arn                  = (known after apply)
      + state_machine_version_arn = (known after apply)
      + status                    = (known after apply)
      + tags_all                  = {
          + "ManagedBy" = "terraform"
          + "Project"   = "high-frequency-lambda"
        }
      + type                      = "STANDARD"
      + version_description       = (known after apply)

      + encryption_configuration (known after apply)

      + logging_configuration (known after apply)

      + tracing_configuration (known after apply)
    }

Plan: 7 to add, 0 to change, 0 to destroy.

Changes to Outputs:
  + invocation_count    = 6
  + iterator_lambda_arn = (known after apply)
  + state_machine_arn   = (known after apply)
aws_iam_role.sfn: Creating...
aws_iam_role.iterator: Creating...
aws_iam_role.sfn: Creation complete after 1s [id=high-frequency-lambda-sfn-role]
aws_iam_role.iterator: Creation complete after 1s [id=high-frequency-lambda-iterator-role]
aws_iam_role_policy_attachment.iterator_basic: Creating...
aws_iam_role_policy.iterator_invoke_target: Creating...
aws_lambda_function.iterator: Creating...
aws_iam_role_policy_attachment.iterator_basic: Creation complete after 0s [id=high-frequency-lambda-iterator-role/arn:aws:iam::aws:policy/service-role/AWSLambdaBasicExecutionRole]
aws_iam_role_policy.iterator_invoke_target: Creation complete after 0s [id=high-frequency-lambda-iterator-role:high-frequency-lambda-iterator-invoke-target]
