{"format_version":"1.2","terraform_version":"1.13.5","variables":{"app_name":{"value":"high-frequency-lambda"},"aws_region":{"value":"us-east-1"},"duration_seconds":{"value":60},"interval_seconds":{"value":10},"target_lambda_arn":{"value":"arn:aws:lambda:us-east-1:000000000000:ai-basis-tf"}},"planned_values":{"outputs":{"invocation_count":{"sensitive":false,"type":"number","value":6},"iterator_lambda_arn":{"sensitive":false},"state_machine_arn":{"sensitive":false}},"root_module":{"resources":[{"address":"aws_iam_role.iterator","mode":"managed","type":"aws_iam_role","name":"iterator","provider_name":"registry.terraform.io/hashicorp/aws","schema_version":0,"values":{"assume_role_policy":"{\"Statement\":[{\"Action\":\"sts:AssumeRole\",\"Effect\":\"Allow\",\"Principal\":{\"Service\":\"lambda.amazonaws.com\"}}],\"Version\":\"2012-10-17\"}","description":null,"force_detach_policies":false,"max_session_duration":3600,"name":"high-frequency-lambda-iterator-role","path":"/","permissions_boundary":null,"tags":null,"tags_all":{"ManagedBy":"terraform","Project":"high-frequency-lambda"}},"sensitive_values":{"inline_policy":[],"managed_policy_arns":[],"tags_all":{}},"identity_schema_version":0,"identity":{"account_id":null,"name":null}},{"address":"aws_iam_role.sfn","mode":"managed","type":"aws_iam_role","name":"sfn","provider_name":"registry.terraform.io/hashicorp/aws","schema_version":0,"values":{"assume_role_policy":"{\"Statement\":[{\"Action\":\"sts:AssumeRole\",\"Effect\":\"Allow\",\"Principal\":{\"Service\":\"states.amazonaws.com\"}}],\"Version\":\"2012-10-17\"}","description":null,"force_detach_policies":false,"max_session_duration":3600,"name":"high-frequency-lambda-sfn-role","path":"/","permissions_boundary":null,"tags":null,"tags_all":{"ManagedBy":"terraform","Project":"high-frequency-lambda"}},"sensitive_values":{"inline_policy":[],"managed_policy_arns":[],"tags_all":{}},"identity_schema_version":0,"identity":{"account_id":null,"name":null}},{"address":"aws_iam_role_policy.iterator_invoke_target","mode":"managed","type":"aws_iam_role_policy","name":"iterator_invoke_target","provider_name":"registry.terraform.io/hashicorp/aws","schema_version":0,"values":{"name":"high-frequency-lambda-iterator-invoke-target","policy":"{\"Version\":\"2012-10-17\",\"Statement\":[{\"Action\":[\"lambda:InvokeFunction\"],\"Effect\":\"Allow\",\"Resource\":\"arn:aws:lambda:us-east-1:000000000000:ai-basis-tf\"}]}"},"sensitive_values":{},"identity_schema_version":0,"identity":{"account_id":null,"name":null,"role":null}},{"address":"aws_iam_role_policy.sfn_invoke_iterator","mode":"managed","type":"aws_iam_role_policy","name":"sfn_invoke_iterator","provider_name":"registry.terraform.io/hashicorp/aws","schema_version":0,"values":{"name":"high-frequency-lambda-sfn-invoke-iterator"},"sensitive_values":{},"identity_schema_version":0,"identity":{"account_id":null,"name":null,"role":null}},{"address":"aws_iam_role_policy_attachment.iterator_basic","mode":"managed","type":"aws_iam_role_policy_attachment","name":"iterator_basic","provider_name":"registry.terraform.io/hashicorp/aws","schema_version":0,"values":{"policy_arn":"arn:aws:iam::aws:policy/service-role/AWSLambdaBasicExecutionRole","role":"high-frequency-lambda-iterator-role"},"sensitive_values":{},"identity_schema_version":0,"identity":{"account_id":null,"policy_arn":null,"role":null}},{"address":"aws_lambda_function.iterator","mode":"managed","type":"aws_lambda_function","name":"iterator","provider_name":"registry.terraform.io/hashicorp/aws","schema_version":0,"values":{"capacity_provider_config":[],"code_signing_config_arn":null,"dead_letter_config":[],"description":null,"durable_config":[],"environment":[{"variables":{"LAMBDA":"arn:aws:lambda:us-east-1:000000000000:ai-basis-tf","REGION":"us-east-1"}}],"file_system_config":[],"filename":"./lambda_placeholder.zip","function_name":"high-frequency-lambda-iterator","handler":"bootstrap","image_config":[],"image_uri":null,"kms_key_arn":null,"layers":null,"memory_size":128,"package_type":"Zip","publish":false,"publish_to":null,"region":"us-east-1","replace_security_groups_on_destroy":null,"replacement_security_group_ids":null,"reserved_concurrent_executions":-1,"runtime":"provided.al2023","s3_bucket":null,"s3_key":null,"s3_object_version":null,"skip_destroy":false,"snap_start":[],"source_code_hash":"NHh1HYBDjKzSJT2yRxyauauktRPHnzluJ4+l0YLoDaA=","source_kms_key_arn":null,"tags":null,"tags_all":{"ManagedBy":"terraform","Project":"high-frequency-lambda"},"tenancy_config":[],"timeout":3,"timeouts":null,"vpc_config":[]},"sensitive_values":{"architectures":[],"capacity_provider_config":[],"dead_letter_config":[],"durable_config":[],"environment":[{"variables":{}}],"ephemeral_storage":[],"file_system_config":[],"image_config":[],"logging_config":[],"snap_start":[],"tags_all":{},"tenancy_config":[],"tracing_config":[],"vpc_config":[]},"identity_schema_version":0,"identity":{"account_id":null,"function_name":null,"region":null}},{"address":"aws_sfn_state_machine.hfl","mode":"managed","type":"aws_sfn_state_machine","name":"hfl","provider_name":"registry.terraform.io/hashicorp/aws","schema_version":0,"values":{"name":"high-frequency-lambda-state-machine","publish":false,"region":"us-east-1","tags":null,"tags_all":{"ManagedBy":"terraform","Project":"high-frequency-lambda"},"timeouts":null,"type":"STANDARD"},"sensitive_values":{"encryption_configuration":[],"logging_configuration":[],"tags_all":{},"tracing_configuration":[]},"identity_schema_version":0,"identity":{"arn":null}}]}},"resource_changes":[{"address":"aws_iam_role.iterator","mode":"managed","type":"aws_iam_role","name":"iterator","provider_name":"registry.terraform.io/hashicorp/aws","change":{"actions":["create"],"before":null,"after":{"assume_role_policy":"{\"Statement\":[{\"Action\":\"sts:AssumeRole\",\"Effect\":\"Allow\",\"Principal\":{\"Service\":\"lambda.amazonaws.com\"}}],\"Version\":\"2012-10-17\"}","description":null,"force_detach_policies":false,"max_session_duration":3600,"name":"high-frequency-lambda-iterator-role","path":"/","permissions_boundary":null,"tags":null,"tags_all":{"ManagedBy":"terraform","Project":"high-frequency-lambda"}},"after_unknown":{"arn":true,"create_date":true,"id":true,"inline_policy":true,"managed_policy_arns":true,"name_prefix":true,"tags_all":{},"unique_id":true},"before_sensitive":false,"after_sensitive":{"inline_policy":[],"managed_policy_arns":[],"tags_all":{}},"after_identity":{"account_id":null,"name":null}}},{"address":"aws_iam_role.sfn","mode":"managed","type":"aws_iam_role","name":"sfn","provider_name":"registry.terraform.io/hashicorp/aws","change":{"actions":["create"],"before":null,"after":{"assume_role_policy":"{\"Statement\":[{\"Action\":\"sts:AssumeRole\",\"Effect\":\"Allow\",\"Principal\":{\"Service\":\"states.amazonaws.com\"}}],\"Version\":\"2012-10-17\"}","description":null,"force_detach_policies":false,"max_session_duration":3600,"name":"high-frequency-lambda-sfn-role","path":"/","permissions_boundary":null,"tags":null,"tags_all":{"ManagedBy":"terraform","Project":"high-frequency-lambda"}},"after_unknown":{"arn":true,"create_date":true,"id":true,"inline_policy":true,"managed_policy_arns":true,"name_prefix":true,"tags_all":{},"unique_id":true},"before_sensitive":false,"after_sensitive":{"inline_policy":[],"managed_policy_arns":[],"tags_all":{}},"after_identity":{"account_id":null,"name":null}}},{"address":"aws_iam_role_policy.iterator_invoke_target","mode":"managed","type":"aws_iam_role_policy","name":"iterator_invoke_target","provider_name":"registry.terraform.io/hashicorp/aws","change":{"actions":["create"],"before":null,"after":{"name":"high-frequency-lambda-iterator-invoke-target","policy":"{\"Version\":\"2012-10-17\",\"Statement\":[{\"Action\":[\"lambda:InvokeFunction\"],\"Effect\":\"Allow\",\"Resource\":\"arn:aws:lambda:us-east-1:000000000000:ai-basis-tf\"}]}"},"after_unknown":{"id":true,"name_prefix":true,"role":true},"before_sensitive":false,"after_sensitive":{},"after_identity":{"account_id":null,"name":null,"role":null}}},{"address":"aws_iam_role_policy.sfn_invoke_iterator","mode":"managed","type":"aws_iam_role_policy","name":"sfn_invoke_iterator","provider_name":"registry.terraform.io/hashicorp/aws","change":{"actions":["create"],"before":null,"after":{"name":"high-frequency-lambda-sfn-invoke-iterator"},"after_unknown":{"id":true,"name_prefix":true,"policy":true,"role":true},"before_sensitive":false,"after_sensitive":{},"after_identity":{"account_id":null,"name":null,"role":null}}},{"address":"aws_iam_role_policy_attachment.iterator_basic","mode":"managed","type":"aws_iam_role_policy_attachment","name":"iterator_basic","provider_name":"registry.terraform.io/hashicorp/aws","change":{"actions":["create"],"before":null,"after":{"policy_arn":"arn:aws:iam::aws:policy/service-role/AWSLambdaBasicExecutionRole","role":"high-frequency-lambda-iterator-role"},"after_unknown":{"id":true},"before_sensitive":false,"after_sensitive":{},"after_identity":{"account_id":null,"policy_arn":null,"role":null}}},{"address":"aws_lambda_function.iterator","mode":"managed","type":"aws_lambda_function","name":"iterator","provider_name":"registry.terraform.io/hashicorp/aws","change":{"actions":["create"],"before":null,"after":{"capacity_provider_config":[],"code_signing_config_arn":null,"dead_letter_config":[],"description":null,"durable_config":[],"environment":[{"variables":{"LAMBDA":"arn:aws:lambda:us-east-1:000000000000:ai-basis-tf","REGION":"us-east-1"}}],"file_system_config":[],"filename":"./lambda_placeholder.zip","function_name":"high-frequency-lambda-iterator","handler":"bootstrap","image_config":[],"image_uri":null,"kms_key_arn":null,"layers":null,"memory_size":128,"package_type":"Zip","publish":false,"publish_to":null,"region":"us-east-1","replace_security_groups_on_destroy":null,"replacement_security_group_ids":null,"reserved_concurrent_executions":-1,"runtime":"provided.al2023","s3_bucket":null,"s3_key":null,"s3_object_version":null,"skip_destroy":false,"snap_start":[],"source_code_hash":"NHh1HYBDjKzSJT2yRxyauauktRPHnzluJ4+l0YLoDaA=","source_kms_key_arn":null,"tags":null,"tags_all":{"ManagedBy":"terraform","Project":"high-frequency-lambda"},"tenancy_config":[],"timeout":3,"timeouts":null,"vpc_config":[]},"after_unknown":{"architectures":true,"arn":true,"capacity_provider_config":[],"code_sha256":true,"dead_letter_config":[],"durable_config":[],"environment":[{"variables":{}}],"ephemeral_storage":true,"file_system_config":[],"id":true,"image_config":[],"invoke_arn":true,"last_modified":true,"logging_config":true,"qualified_arn":true,"qualified_invoke_arn":true,"response_streaming_invoke_arn":true,"role":true,"signing_job_arn":true,"signing_profile_version_arn":true,"snap_start":[],"source_code_size":true,"tags_all":{},"tenancy_config":[],"tracing_config":true,"version":true,"vpc_config":[]},"before_sensitive":false,"after_sensitive":{"architectures":[],"capacity_provider_config":[],"dead_letter_config":[],"durable_config":[],"environment":[{"variables":{}}],"ephemeral_storage":[],"file_system_config":[],"image_config":[],"logging_config":[],"snap_start":[],"tags_all":{},"tenancy_config":[],"tracing_config":[],"vpc_config":[]},"after_identity":{"account_id":null,"function_name":null,"region":null}}},{"address":"aws_sfn_state_machine.hfl","mode":"managed","type":"aws_sfn_state_machine","name":"hfl","provider_name":"registry.terraform.io/hashicorp/aws","change":{"actions":["create"],"before":null,"after":{"name":"high-frequency-lambda-state-machine","publish":false,"region":"us-east-1","tags":null,"tags_all":{"ManagedBy":"terraform","Project":"high-frequency-lambda"},"timeouts":null,"type":"STANDARD"},"after_unknown":{"arn":true,"creation_date":true,"definition":true,"description":true,"encryption_configuration":true,"id":true,"logging_configuration":true,"name_prefix":true,"revision_id":true,"role_arn":true,"state_machine_version_arn":true,"status":true,"tags_all":{},"tracing_configuration":true,"version_description":true},"before_sensitive":false,"after_sensitive":{"encryption_configuration":[],"logging_configuration":[],"tags_all":{},"tracing_configuration":[]},"after_identity":{"arn":null}}}],"output_changes":{"invocation_count":{"actions":["create"],"before":null,"after":6,"after_unknown":false,"before_sensitive":false,"after_sensitive":false},"iterator_lambda_arn":{"actions":["create"],"before":null,"after_unknown":true,"before_sensitive":false,"after_sensitive":false},"state_machine_arn":{"actions":["create"],"before":null,"after_unknown":true,"before_sensitive":false,"after_sensitive":false}},"prior_state":{"format_version":"1.0","terraform_version":"1.13.5","values":{"outputs":{"invocation_count":{"sensitive":false,"value":6,"type":"number"}},"root_module":{"resources":[{"address":"data.aws_caller_identity.current","mode":"data","type":"aws_caller_identity","name":"current","provider_name":"registry.terraform.io/hashicorp/aws","schema_version":0,"values":{"account_id":"000000000000","arn":"arn:aws:iam::000000000000:root","id":"000000000000","user_id":"AKIAIOSFODNN7EXAMPLE"},"sensitive_values":{}},{"address":"data.aws_partition.current","mode":"data","type":"aws_partition","name":"current","provider_name":"registry.terraform.io/hashicorp/aws","schema_version":0,"values":{"dns_suffix":"amazonaws.com","id":"aws","partition":"aws","reverse_dns_prefix":"com.amazonaws"},"sensitive_values":{}}]}}},"configuration":{"provider_config":{"aws":{"name":"aws","full_name":"registry.terraform.io/hashicorp/aws","version_constraint":"\u003e= 5.0.0","expressions":{"default_tags":[{"tags":{"references":["var.app_name"]}}],"region":{"references":["var.aws_region"]}}}},"root_module":{"outputs":{"invocation_count":{"expression":{"references":["local.invocation_count"]},"description":"How many times the target lambda will be invoked per execution."},"iterator_lambda_arn":{"expression":{"references":["aws_lambda_function.iterator.arn","aws_lambda_function.iterator"]},"description":"ARN of the iterator Lambda that invokes the target Lambda."},"state_machine_arn":{"expression":{"references":["aws_sfn_state_machine.hfl.arn","aws_sfn_state_machine.hfl"]},"description":"ARN of the Step Functions state machine that runs the high-frequency loop."}},"resources":[{"address":"aws_iam_role.iterator","mode":"managed","type":"aws_iam_role","name":"iterator","provider_config_key":"aws","expressions":{"assume_role_policy":{},"name":{"references":["var.app_name"]}},"schema_version":0},{"address":"aws_iam_role.sfn","mode":"managed","type":"aws_iam_role","name":"sfn","provider_config_key":"aws","expressions":{"assume_role_policy":{},"name":{"references":["var.app_name"]}},"schema_version":0},{"address":"aws_iam_role_policy.iterator_invoke_target","mode":"managed","type":"aws_iam_role_policy","name":"iterator_invoke_target","provider_config_key":"aws","expressions":{"name":{"references":["var.app_name"]},"policy":{"references":["var.target_lambda_arn"]},"role":{"references":["aws_iam_role.iterator.id","aws_iam_role.iterator"]}},"schema_version":0},{"address":"aws_iam_role_policy.sfn_invoke_iterator","mode":"managed","type":"aws_iam_role_policy","name":"sfn_invoke_iterator","provider_config_key":"aws","expressions":{"name":{"references":["var.app_name"]},"policy":{"references":["aws_lambda_function.iterator.arn","aws_lambda_function.iterator"]},"role":{"references":["aws_iam_role.sfn.id","aws_iam_role.sfn"]}},"schema_version":0},{"address":"aws_iam_role_policy_attachment.iterator_basic","mode":"managed","type":"aws_iam_role_policy_attachment","name":"iterator_basic","provider_config_key":"aws","expressions":{"policy_arn":{"references":["data.aws_partition.current.partition","data.aws_partition.current"]},"role":{"references":["aws_iam_role.iterator.name","aws_iam_role.iterator"]}},"schema_version":0},{"address":"aws_lambda_function.iterator","mode":"managed","type":"aws_lambda_function","name":"iterator","provider_config_key":"aws","expressions":{"environment":[{"variables":{"references":["var.aws_region","var.target_lambda_arn"]}}],"filename":{"references":["path.module"]},"function_name":{"references":["var.app_name"]},"handler":{"constant_value":"bootstrap"},"role":{"references":["aws_iam_role.iterator.arn","aws_iam_role.iterator"]},"runtime":{"constant_value":"provided.al2023"},"source_code_hash":{"references":["path.module"]}},"schema_version":0},{"address":"aws_sfn_state_machine.hfl","mode":"managed","type":"aws_sfn_state_machine","name":"hfl","provider_config_key":"aws","expressions":{"definition":{"references":["local.sfn_definition"]},"name":{"references":["var.app_name"]},"role_arn":{"references":["aws_iam_role.sfn.arn","aws_iam_role.sfn"]}},"schema_version":0},{"address":"data.aws_caller_identity.current","mode":"data","type":"aws_caller_identity","name":"current","provider_config_key":"aws","schema_version":0},{"address":"data.aws_partition.current","mode":"data","type":"aws_partition","name":"current","provider_config_key":"aws","schema_version":0}],"variables":{"app_name":{"default":"high-frequency-lambda","description":"Name prefix for created resources."},"aws_region":{"default":"us-east-1","description":"AWS region to deploy into."},"duration_seconds":{"default":60,"description":"Total duration to run the loop (seconds). Must be a multiple of interval_seconds."},"interval_seconds":{"default":10,"description":"How often to invoke the target lambda (seconds)."},"target_lambda_arn":{"description":"ARN of the Lambda function to invoke at high frequency."}}}},"relevant_attributes":[{"resource":"aws_iam_role.iterator","attribute":["id"]},{"resource":"aws_sfn_state_machine.hfl","attribute":["arn"]},{"resource":"data.aws_partition.current","attribute":["partition"]},{"resource":"aws_iam_role.iterator","attribute":["name"]},{"resource":"aws_iam_role.sfn","attribute":["arn"]},{"resource":"aws_iam_role.sfn","attribute":["id"]},{"resource":"aws_iam_role.iterator","attribute":["arn"]},{"resource":"aws_lambda_function.iterator","attribute":["arn"]}],"checks":[{"address":{"kind":"var","name":"duration_seconds","to_display":"var.duration_seconds"},"status":"pass","instances":[{"address":{"to_display":"var.duration_seconds"},"status":"pass"}]}],"timestamp":"2026-01-25T12:48:42Z","applyable":true,"complete":true,"errored":false}
