{"format_version":"1.2","terraform_version":"1.13.5","variables":{"api_key_secret_name":{"value":"ai-basis-tf"},"api_key_secret_string":{"value":null},"app_name":{"value":"python-weather-app"},"aws_region":{"value":"us-east-1"},"manage_api_key_secret":{"value":true},"tags":{"value":{"Managed":"terraform","Project":"python-weather-app"}}},"planned_values":{"outputs":{"api_key_secret_arn":{"sensitive":false},"artifacts_bucket_name":{"sensitive":false}},"root_module":{"resources":[{"address":"aws_s3_bucket.artifacts","mode":"managed","type":"aws_s3_bucket","name":"artifacts","provider_name":"registry.terraform.io/hashicorp/aws","schema_version":0,"values":{"bucket_prefix":"python-weather-app-artifacts-","force_destroy":false,"region":"us-east-1","tags":{"Managed":"terraform","Name":"python-weather-app-artifacts","Project":"python-weather-app"},"tags_all":{"Managed":"terraform","Name":"python-weather-app-artifacts","Project":"python-weather-app"},"timeouts":null},"sensitive_values":{"cors_rule":[],"grant":[],"lifecycle_rule":[],"logging":[],"object_lock_configuration":[],"replication_configuration":[],"server_side_encryption_configuration":[],"tags":{},"tags_all":{},"versioning":[],"website":[]},"identity_schema_version":0,"identity":{"account_id":null,"bucket":null,"region":null}},{"address":"aws_s3_bucket_public_access_block.artifacts","mode":"managed","type":"aws_s3_bucket_public_access_block","name":"artifacts","provider_name":"registry.terraform.io/hashicorp/aws","schema_version":0,"values":{"block_public_acls":true,"block_public_policy":true,"ignore_public_acls":true,"region":"us-east-1","restrict_public_buckets":true,"skip_destroy":null},"sensitive_values":{},"identity_schema_version":0,"identity":{"account_id":null,"bucket":null,"region":null}},{"address":"aws_s3_bucket_versioning.artifacts","mode":"managed","type":"aws_s3_bucket_versioning","name":"artifacts","provider_name":"registry.terraform.io/hashicorp/aws","schema_version":0,"values":{"expected_bucket_owner":null,"mfa":null,"region":"us-east-1","versioning_configuration":[{"status":"Enabled"}]},"sensitive_values":{"versioning_configuration":[{}]},"identity_schema_version":0,"identity":{"account_id":null,"bucket":null,"expected_bucket_owner":null,"region":null}},{"address":"aws_secretsmanager_secret.api_key[0]","mode":"managed","type":"aws_secretsmanager_secret","name":"api_key","index":0,"provider_name":"registry.terraform.io/hashicorp/aws","schema_version":0,"values":{"description":null,"force_overwrite_replica_secret":false,"kms_key_id":null,"name":"ai-basis-tf","recovery_window_in_days":30,"region":"us-east-1","tags":{"Managed":"terraform","Name":"python-weather-app-api-key","Project":"python-weather-app"},"tags_all":{"Managed":"terraform","Name":"python-weather-app-api-key","Project":"python-weather-app"}},"sensitive_values":{"replica":[],"tags":{},"tags_all":{}},"identity_schema_version":0,"identity":{"arn":null}}]}},"resource_changes":[{"address":"aws_s3_bucket.artifacts","mode":"managed","type":"aws_s3_bucket","name":"artifacts","provider_name":"registry.terraform.io/hashicorp/aws","change":{"actions":["create"],"before":null,"after":{"bucket_prefix":"python-weather-app-artifacts-","force_destroy":false,"region":"us-east-1","tags":{"Managed":"terraform","Name":"python-weather-app-artifacts","Project":"python-weather-app"},"tags_all":{"Managed":"terraform","Name":"python-weather-app-artifacts","Project":"python-weather-app"},"timeouts":null},"after_unknown":{"acceleration_status":true,"acl":true,"arn":true,"bucket":true,"bucket_domain_name":true,"bucket_region":true,"bucket_regional_domain_name":true,"cors_rule":true,"grant":true,"hosted_zone_id":true,"id":true,"lifecycle_rule":true,"logging":true,"object_lock_configuration":true,"object_lock_enabled":true,"policy":true,"replication_configuration":true,"request_payer":true,"server_side_encryption_configuration":true,"tags":{},"tags_all":{},"versioning":true,"website":true,"website_domain":true,"website_endpoint":true},"before_sensitive":false,"after_sensitive":{"cors_rule":[],"grant":[],"lifecycle_rule":[],"logging":[],"object_lock_configuration":[],"replication_configuration":[],"server_side_encryption_configuration":[],"tags":{},"tags_all":{},"versioning":[],"website":[]},"after_identity":{"account_id":null,"bucket":null,"region":null}}},{"address":"aws_s3_bucket_public_access_block.artifacts","mode":"managed","type":"aws_s3_bucket_public_access_block","name":"artifacts","provider_name":"registry.terraform.io/hashicorp/aws","change":{"actions":["create"],"before":null,"after":{"block_public_acls":true,"block_public_policy":true,"ignore_public_acls":true,"region":"us-east-1","restrict_public_buckets":true,"skip_destroy":null},"after_unknown":{"bucket":true,"id":true},"before_sensitive":false,"after_sensitive":{},"after_identity":{"account_id":null,"bucket":null,"region":null}}},{"address":"aws_s3_bucket_versioning.artifacts","mode":"managed","type":"aws_s3_bucket_versioning","name":"artifacts","provider_name":"registry.terraform.io/hashicorp/aws","change":{"actions":["create"],"before":null,"after":{"expected_bucket_owner":null,"mfa":null,"region":"us-east-1","versioning_configuration":[{"status":"Enabled"}]},"after_unknown":{"bucket":true,"id":true,"versioning_configuration":[{"mfa_delete":true}]},"before_sensitive":false,"after_sensitive":{"versioning_configuration":[{}]},"after_identity":{"account_id":null,"bucket":null,"expected_bucket_owner":null,"region":null}}},{"address":"aws_secretsmanager_secret.api_key[0]","mode":"managed","type":"aws_secretsmanager_secret","name":"api_key","index":0,"provider_name":"registry.terraform.io/hashicorp/aws","change":{"actions":["create"],"before":null,"after":{"description":null,"force_overwrite_replica_secret":false,"kms_key_id":null,"name":"ai-basis-tf","recovery_window_in_days":30,"region":"us-east-1","tags":{"Managed":"terraform","Name":"python-weather-app-api-key","Project":"python-weather-app"},"tags_all":{"Managed":"terraform","Name":"python-weather-app-api-key","Project":"python-weather-app"}},"after_unknown":{"arn":true,"id":true,"name_prefix":true,"policy":true,"replica":true,"tags":{},"tags_all":{}},"before_sensitive":false,"after_sensitive":{"replica":[],"tags":{},"tags_all":{}},"after_identity":{"arn":null}}}],"output_changes":{"api_key_secret_arn":{"actions":["create"],"before":null,"after_unknown":true,"before_sensitive":false,"after_sensitive":false},"artifacts_bucket_name":{"actions":["create"],"before":null,"after_unknown":true,"before_sensitive":false,"after_sensitive":false}},"configuration":{"provider_config":{"aws":{"name":"aws","full_name":"registry.terraform.io/hashicorp/aws","version_constraint":"\u003e= 5.0.0","expressions":{"default_tags":[{"tags":{"references":["var.tags"]}}],"region":{"references":["var.aws_region"]}}}},"root_module":{"outputs":{"api_key_secret_arn":{"expression":{"references":["var.manage_api_key_secret","aws_secretsmanager_secret.api_key[0].arn","aws_secretsmanager_secret.api_key[0]","aws_secretsmanager_secret.api_key","data.aws_secretsmanager_secret.api_key[0].arn","data.aws_secretsmanager_secret.api_key[0]","data.aws_secretsmanager_secret.api_key"]},"description":"ARN of the Secrets Manager secret used for the OpenWeatherMap API key."},"artifacts_bucket_name":{"expression":{"references":["aws_s3_bucket.artifacts.bucket","aws_s3_bucket.artifacts"]},"description":"S3 bucket for build artifacts/static assets."}},"resources":[{"address":"aws_s3_bucket.artifacts","mode":"managed","type":"aws_s3_bucket","name":"artifacts","provider_config_key":"aws","expressions":{"bucket_prefix":{"references":["local.name_prefix"]},"tags":{"references":["var.tags","local.name_prefix"]}},"schema_version":0},{"address":"aws_s3_bucket_public_access_block.artifacts","mode":"managed","type":"aws_s3_bucket_public_access_block","name":"artifacts","provider_config_key":"aws","expressions":{"block_public_acls":{"constant_value":true},"block_public_policy":{"constant_value":true},"bucket":{"references":["aws_s3_bucket.artifacts.id","aws_s3_bucket.artifacts"]},"ignore_public_acls":{"constant_value":true},"restrict_public_buckets":{"constant_value":true}},"schema_version":0},{"address":"aws_s3_bucket_versioning.artifacts","mode":"managed","type":"aws_s3_bucket_versioning","name":"artifacts","provider_config_key":"aws","expressions":{"bucket":{"references":["aws_s3_bucket.artifacts.id","aws_s3_bucket.artifacts"]},"versioning_configuration":[{"status":{"constant_value":"Enabled"}}]},"schema_version":0},{"address":"aws_secretsmanager_secret.api_key","mode":"managed","type":"aws_secretsmanager_secret","name":"api_key","provider_config_key":"aws","expressions":{"name":{"references":["var.api_key_secret_name"]},"tags":{"references":["var.tags","local.name_prefix"]}},"schema_version":0,"count_expression":{"references":["var.manage_api_key_secret"]}},{"address":"aws_secretsmanager_secret_version.api_key","mode":"managed","type":"aws_secretsmanager_secret_version","name":"api_key","provider_config_key":"aws","expressions":{"secret_id":{"references":["aws_secretsmanager_secret.api_key[0].id","aws_secretsmanager_secret.api_key[0]","aws_secretsmanager_secret.api_key"]},"secret_string":{"references":["var.api_key_secret_string"]}},"schema_version":0,"count_expression":{"references":["var.manage_api_key_secret","var.api_key_secret_string"]}},{"address":"data.aws_secretsmanager_secret.api_key","mode":"data","type":"aws_secretsmanager_secret","name":"api_key","provider_config_key":"aws","expressions":{"name":{"references":["var.api_key_secret_name"]}},"schema_version":0,"count_expression":{"references":["var.manage_api_key_secret"]}}],"variables":{"api_key_secret_name":{"default":"/python-weather-app/api-key","description":"Name of the Secrets Manager secret that stores the OpenWeatherMap API key JSON (e.g., {\"API_KEY\":\"...\"})."},"api_key_secret_string":{"default":null,"description":"Optional secret string to store (JSON). Leave null to avoid writing secret material via Terraform.","sensitive":true},"app_name":{"default":"python-weather-app","description":"Application name used for resource naming."},"aws_region":{"default":"us-east-1","description":"AWS region to deploy into."},"manage_api_key_secret":{"default":true,"description":"Whether Terraform should create/manage the API key secret. Set false if you created it out-of-band."},"tags":{"default":{"Managed":"terraform","Project":"python-weather-app"},"description":"Tags applied to all supported resources."}}}},"relevant_attributes":[{"resource":"aws_s3_bucket.artifacts","attribute":["id"]},{"resource":"data.aws_secretsmanager_secret.api_key[0]","attribute":["arn"]},{"resource":"aws_secretsmanager_secret.api_key[0]","attribute":["arn"]},{"resource":"aws_s3_bucket.artifacts","attribute":["bucket"]}],"timestamp":"2026-01-25T19:32:30Z","applyable":true,"complete":true,"errored":false}
