data.aws_availability_zones.available: Reading...
data.aws_iam_policy_document.ecs_task_assume: Reading...
data.aws_iam_policy_document.ecs_task_assume: Read complete after 0s [id=1077804475]
data.aws_availability_zones.available: Read complete after 0s [id=us-east-1]

Terraform used the selected providers to generate the following execution
plan. Resource actions are indicated with the following symbols:
  + create
 <= read (data resources)

Terraform will perform the following actions:

  # data.aws_iam_policy_document.ecs_task will be read during apply
  # (config refers to values not yet known)
 <= data "aws_iam_policy_document" "ecs_task" {
      + id            = (known after apply)
      + json          = (known after apply)
      + minified_json = (known after apply)

      + statement {
          + actions   = [
              + "secretsmanager:GetSecretValue",
            ]
          + effect    = "Allow"
          + resources = [
              + (known after apply),
            ]
          + sid       = "ReadDbSecret"
        }
      + statement {
          + actions   = [
              + "kms:Decrypt",
            ]
          + effect    = "Allow"
          + resources = [
              + (known after apply),
            ]
          + sid       = "DecryptKms"
        }
    }

  # aws_cloudwatch_log_group.migrations will be created
  + resource "aws_cloudwatch_log_group" "migrations" {
      + arn               = (known after apply)
      + id                = (known after apply)
      + log_group_class   = (known after apply)
      + name              = "/ecs/atlas-mysql/migrations"
      + name_prefix       = (known after apply)
      + retention_in_days = 30
      + skip_destroy      = false
      + tags_all          = {
          + "Project" = "atlas-migrations"
        }
    }

  # aws_db_instance.mysql will be created
  + resource "aws_db_instance" "mysql" {
      + address                               = (known after apply)
      + allocated_storage                     = 20
      + apply_immediately                     = false
      + arn                                   = (known after apply)
      + auto_minor_version_upgrade            = true
      + availability_zone                     = (known after apply)
      + backup_retention_period               = 7
      + backup_target                         = (known after apply)
      + backup_window                         = (known after apply)
      + ca_cert_identifier                    = (known after apply)
      + character_set_name                    = (known after apply)
      + copy_tags_to_snapshot                 = false
      + database_insights_mode                = (known after apply)
      + db_name                               = "app"
      + db_subnet_group_name                  = "atlas-mysql-db-subnets"
      + dedicated_log_volume                  = false
      + delete_automated_backups              = true
      + deletion_protection                   = false
      + domain_fqdn                           = (known after apply)
      + enabled_cloudwatch_logs_exports       = [
          + "error",
          + "general",
          + "slowquery",
        ]
      + endpoint                              = (known after apply)
      + engine                                = "mysql"
      + engine_lifecycle_support              = (known after apply)
      + engine_version                        = "8.0"
      + engine_version_actual                 = (known after apply)
      + hosted_zone_id                        = (known after apply)
      + id                                    = (known after apply)
      + identifier                            = "atlas-mysql-mysql"
      + identifier_prefix                     = (known after apply)
      + instance_class                        = "db.t3.micro"
      + iops                                  = (known after apply)
      + kms_key_id                            = (known after apply)
      + latest_restorable_time                = (known after apply)
      + license_model                         = (known after apply)
      + listener_endpoint                     = (known after apply)
      + maintenance_window                    = (known after apply)
      + master_user_secret                    = (known after apply)
      + master_user_secret_kms_key_id         = (known after apply)
      + max_allocated_storage                 = 100
      + monitoring_interval                   = 0
      + monitoring_role_arn                   = (known after apply)
      + multi_az                              = false
      + nchar_character_set_name              = (known after apply)
      + network_type                          = (known after apply)
      + option_group_name                     = (known after apply)
      + parameter_group_name                  = (known after apply)
      + password                              = (sensitive value)
      + password_wo                           = (write-only attribute)
      + performance_insights_enabled          = false
      + performance_insights_kms_key_id       = (known after apply)
      + performance_insights_retention_period = (known after apply)
      + port                                  = 3306
      + publicly_accessible                   = false
      + replica_mode                          = (known after apply)
      + replicas                              = (known after apply)
      + resource_id                           = (known after apply)
      + skip_final_snapshot                   = true
      + snapshot_identifier                   = (known after apply)
      + status                                = (known after apply)
      + storage_encrypted                     = true
      + storage_throughput                    = (known after apply)
      + storage_type                          = "gp3"
      + tags                                  = {
          + "Name" = "atlas-mysql-mysql"
        }
      + tags_all                              = {
          + "Name"    = "atlas-mysql-mysql"
          + "Project" = "atlas-migrations"
        }
      + timezone                              = (known after apply)
      + username                              = "admin"
      + vpc_security_group_ids                = (known after apply)
    }

  # aws_db_subnet_group.this will be created
  + resource "aws_db_subnet_group" "this" {
      + arn                     = (known after apply)
      + description             = "Managed by Terraform"
      + id                      = (known after apply)
      + name                    = "atlas-mysql-db-subnets"
      + name_prefix             = (known after apply)
      + subnet_ids              = (known after apply)
      + supported_network_types = (known after apply)
      + tags                    = {
          + "Name" = "atlas-mysql-db-subnets"
        }
      + tags_all                = {
          + "Name"    = "atlas-mysql-db-subnets"
          + "Project" = "atlas-migrations"
        }
      + vpc_id                  = (known after apply)
    }

  # aws_ecr_lifecycle_policy.migrations will be created
  + resource "aws_ecr_lifecycle_policy" "migrations" {
      + id          = (known after apply)
      + policy      = jsonencode(
            {
              + rules = [
                  + {
                      + action       = {
                          + type = "expire"
                        }
                      + description  = "Keep last 30 images"
                      + rulePriority = 1
                      + selection    = {
                          + countNumber = 30
                          + countType   = "imageCountMoreThan"
                          + tagStatus   = "any"
                        }
                    },
                ]
            }
        )
      + registry_id = (known after apply)
      + repository  = "atlas-mysql-migrations"
    }

  # aws_ecr_repository.migrations will be created
  + resource "aws_ecr_repository" "migrations" {
      + arn                  = (known after apply)
      + id                   = (known after apply)
      + image_tag_mutability = "MUTABLE"
      + name                 = "atlas-mysql-migrations"
      + registry_id          = (known after apply)
      + repository_url       = (known after apply)
      + tags_all             = {
          + "Project" = "atlas-migrations"
        }

      + image_scanning_configuration {
          + scan_on_push = true
        }
    }

  # aws_ecs_cluster.this will be created
  + resource "aws_ecs_cluster" "this" {
      + arn      = (known after apply)
      + id       = (known after apply)
      + name     = "atlas-mysql-cluster"
      + tags_all = {
          + "Project" = "atlas-migrations"
        }

      + setting (known after apply)
    }

  # aws_ecs_task_definition.migrations will be created
  + resource "aws_ecs_task_definition" "migrations" {
      + arn                      = (known after apply)
      + arn_without_revision     = (known after apply)
      + container_definitions    = (known after apply)
      + cpu                      = "256"
      + enable_fault_injection   = (known after apply)
      + execution_role_arn       = (known after apply)
      + family                   = "atlas-mysql-migrations"
      + id                       = (known after apply)
      + memory                   = "512"
      + network_mode             = "awsvpc"
      + requires_compatibilities = [
          + "FARGATE",
        ]
      + revision                 = (known after apply)
      + skip_destroy             = false
      + tags_all                 = {
          + "Project" = "atlas-migrations"
        }
      + task_role_arn            = (known after apply)
      + track_latest             = false
    }

  # aws_eip.nat will be created
  + resource "aws_eip" "nat" {
      + allocation_id        = (known after apply)
      + arn                  = (known after apply)
      + association_id       = (known after apply)
      + carrier_ip           = (known after apply)
      + customer_owned_ip    = (known after apply)
      + domain               = "vpc"
      + id                   = (known after apply)
      + instance             = (known after apply)
      + ipam_pool_id         = (known after apply)
      + network_border_group = (known after apply)
      + network_interface    = (known after apply)
      + private_dns          = (known after apply)
      + private_ip           = (known after apply)
      + ptr_record           = (known after apply)
      + public_dns           = (known after apply)
      + public_ip            = (known after apply)
      + public_ipv4_pool     = (known after apply)
      + tags                 = {
          + "Name" = "atlas-mysql-nat-eip"
        }
      + tags_all             = {
          + "Name"    = "atlas-mysql-nat-eip"
          + "Project" = "atlas-migrations"
        }
      + vpc                  = (known after apply)
    }

  # aws_iam_policy.ecs_task will be created
  + resource "aws_iam_policy" "ecs_task" {
      + arn              = (known after apply)
      + attachment_count = (known after apply)
      + id               = (known after apply)
      + name             = "atlas-mysql-ecs-task"
      + name_prefix      = (known after apply)
      + path             = "/"
      + policy           = (known after apply)
      + policy_id        = (known after apply)
      + tags_all         = {
          + "Project" = "atlas-migrations"
        }
    }

  # aws_iam_role.ecs_task will be created
  + resource "aws_iam_role" "ecs_task" {
      + arn                   = (known after apply)
      + assume_role_policy    = jsonencode(
            {
              + Statement = [
                  + {
                      + Action    = "sts:AssumeRole"
                      + Effect    = "Allow"
                      + Principal = {
                          + Service = "ecs-tasks.amazonaws.com"
                        }
                    },
                ]
              + Version   = "2012-10-17"
            }
        )
      + create_date           = (known after apply)
      + force_detach_policies = false
      + id                    = (known after apply)
      + managed_policy_arns   = (known after apply)
      + max_session_duration  = 3600
      + name                  = "atlas-mysql-ecs-task"
      + name_prefix           = (known after apply)
      + path                  = "/"
      + tags_all              = {
          + "Project" = "atlas-migrations"
        }
      + unique_id             = (known after apply)

      + inline_policy (known after apply)
    }

  # aws_iam_role.ecs_task_execution will be created
  + resource "aws_iam_role" "ecs_task_execution" {
      + arn                   = (known after apply)
      + assume_role_policy    = jsonencode(
            {
              + Statement = [
                  + {
                      + Action    = "sts:AssumeRole"
                      + Effect    = "Allow"
                      + Principal = {
                          + Service = "ecs-tasks.amazonaws.com"
                        }
                    },
                ]
              + Version   = "2012-10-17"
            }
        )
      + create_date           = (known after apply)
      + force_detach_policies = false
      + id                    = (known after apply)
      + managed_policy_arns   = (known after apply)
      + max_session_duration  = 3600
      + name                  = "atlas-mysql-ecs-task-exec"
      + name_prefix           = (known after apply)
      + path                  = "/"
      + tags_all              = {
          + "Project" = "atlas-migrations"
        }
      + unique_id             = (known after apply)

      + inline_policy (known after apply)
    }

  # aws_iam_role_policy_attachment.ecs_task will be created
  + resource "aws_iam_role_policy_attachment" "ecs_task" {
      + id         = (known after apply)
      + policy_arn = (known after apply)
      + role       = "atlas-mysql-ecs-task"
    }

  # aws_iam_role_policy_attachment.ecs_task_execution will be created
  + resource "aws_iam_role_policy_attachment" "ecs_task_execution" {
      + id         = (known after apply)
      + policy_arn = "arn:aws:iam::aws:policy/service-role/AmazonECSTaskExecutionRolePolicy"
      + role       = "atlas-mysql-ecs-task-exec"
    }

  # aws_internet_gateway.this will be created
  + resource "aws_internet_gateway" "this" {
      + arn      = (known after apply)
      + id       = (known after apply)
      + owner_id = (known after apply)
      + tags     = {
          + "Name" = "atlas-mysql-igw"
        }
      + tags_all = {
          + "Name"    = "atlas-mysql-igw"
          + "Project" = "atlas-migrations"
        }
      + vpc_id   = (known after apply)
    }

  # aws_kms_alias.rds will be created
  + resource "aws_kms_alias" "rds" {
      + arn            = (known after apply)
      + id             = (known after apply)
      + name           = "alias/atlas-mysql-rds"
      + name_prefix    = (known after apply)
      + target_key_arn = (known after apply)
      + target_key_id  = (known after apply)
    }

  # aws_kms_key.rds will be created
  + resource "aws_kms_key" "rds" {
      + arn                                = (known after apply)
      + bypass_policy_lockout_safety_check = false
      + customer_master_key_spec           = "SYMMETRIC_DEFAULT"
      + deletion_window_in_days            = 7
      + description                        = "KMS key for RDS encryption (atlas-mysql)"
      + enable_key_rotation                = true
      + id                                 = (known after apply)
      + is_enabled                         = true
      + key_id                             = (known after apply)
      + key_usage                          = "ENCRYPT_DECRYPT"
      + multi_region                       = (known after apply)
      + policy                             = (known after apply)
      + rotation_period_in_days            = (known after apply)
      + tags_all                           = {
          + "Project" = "atlas-migrations"
        }
    }

  # aws_nat_gateway.this will be created
  + resource "aws_nat_gateway" "this" {
      + allocation_id                      = (known after apply)
      + association_id                     = (known after apply)
      + connectivity_type                  = "public"
      + id                                 = (known after apply)
      + network_interface_id               = (known after apply)
      + private_ip                         = (known after apply)
      + public_ip                          = (known after apply)
      + secondary_private_ip_address_count = (known after apply)
      + secondary_private_ip_addresses     = (known after apply)
      + subnet_id                          = (known after apply)
      + tags                               = {
          + "Name" = "atlas-mysql-nat"
        }
      + tags_all                           = {
          + "Name"    = "atlas-mysql-nat"
          + "Project" = "atlas-migrations"
        }
    }

  # aws_route.private_nat will be created
  + resource "aws_route" "private_nat" {
      + destination_cidr_block = "0.0.0.0/0"
      + id                     = (known after apply)
      + instance_id            = (known after apply)
      + instance_owner_id      = (known after apply)
      + nat_gateway_id         = (known after apply)
      + network_interface_id   = (known after apply)
      + origin                 = (known after apply)
      + route_table_id         = (known after apply)
      + state                  = (known after apply)
    }

  # aws_route.public_internet will be created
  + resource "aws_route" "public_internet" {
      + destination_cidr_block = "0.0.0.0/0"
      + gateway_id             = (known after apply)
      + id                     = (known after apply)
      + instance_id            = (known after apply)
      + instance_owner_id      = (known after apply)
      + network_interface_id   = (known after apply)
      + origin                 = (known after apply)
      + route_table_id         = (known after apply)
      + state                  = (known after apply)
    }

  # aws_route_table.private will be created
  + resource "aws_route_table" "private" {
      + arn              = (known after apply)
      + id               = (known after apply)
      + owner_id         = (known after apply)
      + propagating_vgws = (known after apply)
      + route            = (known after apply)
      + tags             = {
          + "Name" = "atlas-mysql-private-rt"
        }
      + tags_all         = {
          + "Name"    = "atlas-mysql-private-rt"
          + "Project" = "atlas-migrations"
        }
      + vpc_id           = (known after apply)
    }

  # aws_route_table.public will be created
  + resource "aws_route_table" "public" {
      + arn              = (known after apply)
      + id               = (known after apply)
      + owner_id         = (known after apply)
      + propagating_vgws = (known after apply)
      + route            = (known after apply)
      + tags             = {
          + "Name" = "atlas-mysql-public-rt"
        }
      + tags_all         = {
          + "Name"    = "atlas-mysql-public-rt"
          + "Project" = "atlas-migrations"
        }
      + vpc_id           = (known after apply)
    }

  # aws_route_table_association.private["us-east-1a"] will be created
  + resource "aws_route_table_association" "private" {
      + id             = (known after apply)
      + route_table_id = (known after apply)
      + subnet_id      = (known after apply)
    }

  # aws_route_table_association.private["us-east-1b"] will be created
  + resource "aws_route_table_association" "private" {
      + id             = (known after apply)
      + route_table_id = (known after apply)
      + subnet_id      = (known after apply)
    }

  # aws_route_table_association.public["us-east-1a"] will be created
  + resource "aws_route_table_association" "public" {
      + id             = (known after apply)
      + route_table_id = (known after apply)
      + subnet_id      = (known after apply)
    }

  # aws_route_table_association.public["us-east-1b"] will be created
  + resource "aws_route_table_association" "public" {
      + id             = (known after apply)
      + route_table_id = (known after apply)
      + subnet_id      = (known after apply)
    }

  # aws_secretsmanager_secret.db will be created
  + resource "aws_secretsmanager_secret" "db" {
      + arn                            = (known after apply)
      + force_overwrite_replica_secret = false
      + id                             = (known after apply)
      + kms_key_id                     = (known after apply)
      + name                           = "atlas-mysql/rds/master"
      + name_prefix                    = (known after apply)
      + policy                         = (known after apply)
      + recovery_window_in_days        = 7
      + tags_all                       = {
          + "Project" = "atlas-migrations"
        }

      + replica (known after apply)
    }

  # aws_secretsmanager_secret_version.db will be created
  + resource "aws_secretsmanager_secret_version" "db" {
      + arn                  = (known after apply)
      + has_secret_string_wo = (known after apply)
      + id                   = (known after apply)
      + secret_id            = (known after apply)
      + secret_string        = (sensitive value)
      + secret_string_wo     = (write-only attribute)
      + version_id           = (known after apply)
      + version_stages       = (known after apply)
    }

  # aws_security_group.db will be created
  + resource "aws_security_group" "db" {
      + arn                    = (known after apply)
      + description            = "RDS MySQL access"
      + egress                 = (known after apply)
      + id                     = (known after apply)
      + ingress                = (known after apply)
      + name                   = "atlas-mysql-db-sg"
      + name_prefix            = (known after apply)
      + owner_id               = (known after apply)
      + revoke_rules_on_delete = false
      + tags                   = {
          + "Name" = "atlas-mysql-db-sg"
        }
      + tags_all               = {
          + "Name"    = "atlas-mysql-db-sg"
          + "Project" = "atlas-migrations"
        }
      + vpc_id                 = (known after apply)
    }

  # aws_security_group.runner will be created
  + resource "aws_security_group" "runner" {
      + arn                    = (known after apply)
      + description            = "ECS tasks running Atlas migrations"
      + egress                 = [
          + {
              + cidr_blocks      = [
                  + "0.0.0.0/0",
                ]
              + description      = "Allow all egress"
              + from_port        = 0
              + ipv6_cidr_blocks = []
              + prefix_list_ids  = []
              + protocol         = "-1"
              + security_groups  = []
              + self             = false
              + to_port          = 0
            },
        ]
      + id                     = (known after apply)
      + ingress                = (known after apply)
      + name                   = "atlas-mysql-runner-sg"
      + name_prefix            = (known after apply)
      + owner_id               = (known after apply)
      + revoke_rules_on_delete = false
      + tags                   = {
          + "Name" = "atlas-mysql-runner-sg"
        }
      + tags_all               = {
          + "Name"    = "atlas-mysql-runner-sg"
          + "Project" = "atlas-migrations"
        }
      + vpc_id                 = (known after apply)
    }

  # aws_security_group_rule.db_ingress_from_runner will be created
  + resource "aws_security_group_rule" "db_ingress_from_runner" {
      + description              = "MySQL from migrations runner"
      + from_port                = 3306
      + id                       = (known after apply)
      + protocol                 = "tcp"
      + security_group_id        = (known after apply)
      + security_group_rule_id   = (known after apply)
      + self                     = false
      + source_security_group_id = (known after apply)
      + to_port                  = 3306
      + type                     = "ingress"
    }

  # aws_subnet.private["us-east-1a"] will be created
  + resource "aws_subnet" "private" {
      + arn                                            = (known after apply)
      + assign_ipv6_address_on_creation                = false
      + availability_zone                              = "us-east-1a"
      + availability_zone_id                           = (known after apply)
      + cidr_block                                     = "10.20.128.0/20"
      + enable_dns64                                   = false
      + enable_resource_name_dns_a_record_on_launch    = false
      + enable_resource_name_dns_aaaa_record_on_launch = false
      + id                                             = (known after apply)
      + ipv6_cidr_block_association_id                 = (known after apply)
      + ipv6_native                                    = false
      + map_public_ip_on_launch                        = false
      + owner_id                                       = (known after apply)
      + private_dns_hostname_type_on_launch            = (known after apply)
      + tags                                           = {
          + "Name" = "atlas-mysql-private-us-east-1a"
          + "Tier" = "private"
        }
      + tags_all                                       = {
          + "Name"    = "atlas-mysql-private-us-east-1a"
          + "Project" = "atlas-migrations"
          + "Tier"    = "private"
        }
      + vpc_id                                         = (known after apply)
    }

  # aws_subnet.private["us-east-1b"] will be created
  + resource "aws_subnet" "private" {
      + arn                                            = (known after apply)
      + assign_ipv6_address_on_creation                = false
      + availability_zone                              = "us-east-1b"
      + availability_zone_id                           = (known after apply)
      + cidr_block                                     = "10.20.144.0/20"
      + enable_dns64                                   = false
      + enable_resource_name_dns_a_record_on_launch    = false
      + enable_resource_name_dns_aaaa_record_on_launch = false
      + id                                             = (known after apply)
      + ipv6_cidr_block_association_id                 = (known after apply)
      + ipv6_native                                    = false
      + map_public_ip_on_launch                        = false
      + owner_id                                       = (known after apply)
      + private_dns_hostname_type_on_launch            = (known after apply)
      + tags                                           = {
          + "Name" = "atlas-mysql-private-us-east-1b"
          + "Tier" = "private"
        }
      + tags_all                                       = {
          + "Name"    = "atlas-mysql-private-us-east-1b"
          + "Project" = "atlas-migrations"
          + "Tier"    = "private"
        }
      + vpc_id                                         = (known after apply)
    }

  # aws_subnet.public["us-east-1a"] will be created
  + resource "aws_subnet" "public" {
      + arn                                            = (known after apply)
      + assign_ipv6_address_on_creation                = false
      + availability_zone                              = "us-east-1a"
      + availability_zone_id                           = (known after apply)
      + cidr_block                                     = "10.20.0.0/20"
      + enable_dns64                                   = false
      + enable_resource_name_dns_a_record_on_launch    = false
      + enable_resource_name_dns_aaaa_record_on_launch = false
      + id                                             = (known after apply)
      + ipv6_cidr_block_association_id                 = (known after apply)
      + ipv6_native                                    = false
      + map_public_ip_on_launch                        = true
      + owner_id                                       = (known after apply)
      + private_dns_hostname_type_on_launch            = (known after apply)
      + tags                                           = {
          + "Name" = "atlas-mysql-public-us-east-1a"
          + "Tier" = "public"
        }
      + tags_all                                       = {
          + "Name"    = "atlas-mysql-public-us-east-1a"
          + "Project" = "atlas-migrations"
          + "Tier"    = "public"
        }
      + vpc_id                                         = (known after apply)
    }

  # aws_subnet.public["us-east-1b"] will be created
  + resource "aws_subnet" "public" {
      + arn                                            = (known after apply)
      + assign_ipv6_address_on_creation                = false
      + availability_zone                              = "us-east-1b"
      + availability_zone_id                           = (known after apply)
      + cidr_block                                     = "10.20.16.0/20"
      + enable_dns64                                   = false
      + enable_resource_name_dns_a_record_on_launch    = false
      + enable_resource_name_dns_aaaa_record_on_launch = false
      + id                                             = (known after apply)
      + ipv6_cidr_block_association_id                 = (known after apply)
      + ipv6_native                                    = false
      + map_public_ip_on_launch                        = true
      + owner_id                                       = (known after apply)
      + private_dns_hostname_type_on_launch            = (known after apply)
      + tags                                           = {
          + "Name" = "atlas-mysql-public-us-east-1b"
          + "Tier" = "public"
        }
      + tags_all                                       = {
          + "Name"    = "atlas-mysql-public-us-east-1b"
          + "Project" = "atlas-migrations"
          + "Tier"    = "public"
        }
      + vpc_id                                         = (known after apply)
    }

  # aws_vpc.this will be created
  + resource "aws_vpc" "this" {
      + arn                                  = (known after apply)
      + cidr_block                           = "10.20.0.0/16"
      + default_network_acl_id               = (known after apply)
      + default_route_table_id               = (known after apply)
      + default_security_group_id            = (known after apply)
      + dhcp_options_id                      = (known after apply)
      + enable_dns_hostnames                 = true
      + enable_dns_support                   = true
      + enable_network_address_usage_metrics = (known after apply)
      + id                                   = (known after apply)
      + instance_tenancy                     = "default"
      + ipv6_association_id                  = (known after apply)
      + ipv6_cidr_block                      = (known after apply)
      + ipv6_cidr_block_network_border_group = (known after apply)
      + main_route_table_id                  = (known after apply)
      + owner_id                             = (known after apply)
      + tags                                 = {
          + "Name" = "atlas-mysql-vpc"
        }
      + tags_all                             = {
          + "Name"    = "atlas-mysql-vpc"
          + "Project" = "atlas-migrations"
        }
    }

  # random_password.db will be created
  + resource "random_password" "db" {
      + bcrypt_hash = (sensitive value)
      + id          = (known after apply)
      + length      = 24
      + lower       = true
      + min_lower   = 0
      + min_numeric = 0
      + min_special = 0
      + min_upper   = 0
      + number      = true
      + numeric     = true
      + result      = (sensitive value)
      + special     = true
      + upper       = true
    }

Plan: 36 to add, 0 to change, 0 to destroy.

Changes to Outputs:
  + db_endpoint              = (known after apply)
  + db_name                  = "app"
  + db_port                  = 3306
  + db_secret_arn            = (known after apply)
  + ecr_repository_url       = (known after apply)
  + ecs_cluster_name         = "atlas-mysql-cluster"
  + ecs_task_definition_arn  = (known after apply)
  + private_subnet_ids       = [
      + (known after apply),
      + (known after apply),
    ]
  + runner_security_group_id = (known after apply)
  + vpc_id                   = (known after apply)
random_password.db: Creating...
random_password.db: Creation complete after 0s [id=none]
aws_cloudwatch_log_group.migrations: Creating...
aws_kms_key.rds: Creating...
aws_ecr_repository.migrations: Creating...
aws_iam_role.ecs_task: Creating...
aws_eip.nat: Creating...
aws_ecs_cluster.this: Creating...
aws_vpc.this: Creating...
aws_iam_role.ecs_task_execution: Creating...
aws_eip.nat: Creation complete after 0s [id=eipalloc-e82cf6737ae1dfb7a]
aws_iam_role.ecs_task: Creation complete after 1s [id=atlas-mysql-ecs-task]
aws_iam_role.ecs_task_execution: Creation complete after 1s [id=atlas-mysql-ecs-task-exec]
aws_iam_role_policy_attachment.ecs_task_execution: Creating...
aws_iam_role_policy_attachment.ecs_task_execution: Creation complete after 0s [id=atlas-mysql-ecs-task-exec-20260127013310672900000001]
aws_cloudwatch_log_group.migrations: Creation complete after 1s [id=/ecs/atlas-mysql/migrations]
aws_ecr_repository.migrations: Creation complete after 3s [id=atlas-mysql-migrations]
aws_ecr_lifecycle_policy.migrations: Creating...
aws_ecr_lifecycle_policy.migrations: Creation complete after 0s [id=atlas-mysql-migrations]
aws_kms_key.rds: Creation complete after 9s [id=25d39ed8-9420-4b34-97c3-8bbf77ce6d28]
aws_kms_alias.rds: Creating...
aws_secretsmanager_secret.db: Creating...
aws_kms_alias.rds: Creation complete after 0s [id=alias/atlas-mysql-rds]
aws_secretsmanager_secret.db: Creation complete after 0s [id=arn:aws:secretsmanager:us-east-1:000000000000:secret:atlas-mysql/rds/master-VCitGD]
data.aws_iam_policy_document.ecs_task: Reading...
aws_secretsmanager_secret_version.db: Creating...
data.aws_iam_policy_document.ecs_task: Read complete after 0s [id=4247325377]
aws_secretsmanager_secret_version.db: Creation complete after 0s [id=arn:aws:secretsmanager:us-east-1:000000000000:secret:atlas-mysql/rds/master-VCitGD|terraform-20260127013318684700000003]
aws_iam_policy.ecs_task: Creating...
aws_iam_policy.ecs_task: Creation complete after 0s [id=arn:aws:iam::000000000000:policy/atlas-mysql-ecs-task]
aws_iam_role_policy_attachment.ecs_task: Creating...
aws_iam_role_policy_attachment.ecs_task: Creation complete after 0s [id=atlas-mysql-ecs-task-20260127013318731800000004]
aws_vpc.this: Still creating... [00m10s elapsed]
aws_ecs_cluster.this: Still creating... [00m10s elapsed]
aws_vpc.this: Creation complete after 10s [id=vpc-515a62b29ad219441]
aws_subnet.private["us-east-1b"]: Creating...
aws_subnet.public["us-east-1a"]: Creating...
aws_route_table.private: Creating...
aws_route_table.public: Creating...
aws_subnet.public["us-east-1b"]: Creating...
aws_subnet.private["us-east-1a"]: Creating...
aws_internet_gateway.this: Creating...
aws_security_group.db: Creating...
aws_security_group.runner: Creating...
aws_subnet.private["us-east-1a"]: Creation complete after 0s [id=subnet-876dba11e9e950733]
aws_subnet.private["us-east-1b"]: Creation complete after 0s [id=subnet-88c11e59b15ab3c6e]
aws_internet_gateway.this: Creation complete after 0s [id=igw-b40075ca1fa2b48a0]
aws_db_subnet_group.this: Creating...
aws_route_table.public: Creation complete after 0s [id=rtb-3f94d049940bd849d]
aws_route_table.private: Creation complete after 0s [id=rtb-7a1d20da26f2066dd]
aws_route.public_internet: Creating...
aws_route_table_association.private["us-east-1a"]: Creating...
aws_route_table_association.private["us-east-1b"]: Creating...
aws_route_table_association.private["us-east-1b"]: Creation complete after 0s [id=rtbassoc-6e2333e7794eaf14e]
aws_route_table_association.private["us-east-1a"]: Creation complete after 0s [id=rtbassoc-d83191477325b2715]
aws_security_group.db: Creation complete after 0s [id=sg-230dc6def4ca31f39]
aws_route.public_internet: Creation complete after 0s [id=r-rtb-3f94d049940bd849d1080289494]
aws_security_group.runner: Creation complete after 0s [id=sg-2aee428e7ba4d9009]
aws_security_group_rule.db_ingress_from_runner: Creating...
aws_security_group_rule.db_ingress_from_runner: Creation complete after 0s [id=sgrule-2909084776]
aws_ecs_cluster.this: Creation complete after 11s [id=arn:aws:ecs:us-east-1:000000000000:cluster/atlas-mysql-cluster]
aws_db_subnet_group.this: Creation complete after 1s [id=atlas-mysql-db-subnets]
aws_db_instance.mysql: Creating...
aws_subnet.public["us-east-1b"]: Still creating... [00m10s elapsed]
aws_subnet.public["us-east-1a"]: Still creating... [00m10s elapsed]
aws_subnet.public["us-east-1a"]: Creation complete after 10s [id=subnet-67e79ccfa34ad8848]
aws_subnet.public["us-east-1b"]: Creation complete after 10s [id=subnet-b73327c51178ec4c1]
aws_route_table_association.public["us-east-1b"]: Creating...
aws_route_table_association.public["us-east-1a"]: Creating...
aws_nat_gateway.this: Creating...
aws_route_table_association.public["us-east-1b"]: Creation complete after 0s [id=rtbassoc-a99e59d9e37cf003b]
aws_route_table_association.public["us-east-1a"]: Creation complete after 0s [id=rtbassoc-b552ccfac92bf202a]
aws_nat_gateway.this: Creation complete after 0s [id=nat-4d0a2e6a7d99e329c]
aws_route.private_nat: Creating...
aws_route.private_nat: Creation complete after 0s [id=r-rtb-7a1d20da26f2066dd1080289494]
aws_db_instance.mysql: Still creating... [00m10s elapsed]
aws_db_instance.mysql: Still creating... [00m20s elapsed]
aws_db_instance.mysql: Still creating... [00m30s elapsed]
aws_db_instance.mysql: Still creating... [00m40s elapsed]
aws_db_instance.mysql: Still creating... [00m50s elapsed]
aws_db_instance.mysql: Still creating... [01m00s elapsed]
aws_db_instance.mysql: Still creating... [01m10s elapsed]
aws_db_instance.mysql: Still creating... [01m20s elapsed]
aws_db_instance.mysql: Still creating... [01m30s elapsed]
