data.aws_region.current: Reading...
data.aws_partition.current: Reading...
data.aws_caller_identity.current: Reading...
data.aws_iam_policy_document.assume_role_policy: Reading...
data.aws_partition.current: Read complete after 0s [id=aws]
data.aws_region.current: Read complete after 0s [id=us-east-1]
data.aws_iam_policy_document.assume_role_policy: Read complete after 0s [id=1077804475]
data.aws_caller_identity.current: Read complete after 0s [id=000000000000]

Terraform used the selected providers to generate the following execution
plan. Resource actions are indicated with the following symbols:
  + create

Terraform will perform the following actions:

  # aws_iam_role.this will be created
  + resource "aws_iam_role" "this" {
      + arn                   = (known after apply)
      + assume_role_policy    = jsonencode(
            {
              + Statement = [
                  + {
                      + Action    = "sts:AssumeRole"
                      + Effect    = "Allow"
                      + Principal = {
                          + Service = "ecs-tasks.amazonaws.com"
                        }
                    },
                ]
              + Version   = "2012-10-17"
            }
        )
      + create_date           = (known after apply)
      + description           = "iam"
      + force_detach_policies = false
      + id                    = (known after apply)
      + managed_policy_arns   = (known after apply)
      + max_session_duration  = 3600
      + name                  = "iam"
      + name_prefix           = (known after apply)
      + path                  = "/"
      + tags_all              = (known after apply)
      + unique_id             = (known after apply)

      + inline_policy (known after apply)
    }

Plan: 1 to add, 0 to change, 0 to destroy.

Changes to Outputs:
  + role = {
      + arn = (known after apply)
      + id  = (known after apply)
    }
