
Terraform used the selected providers to generate the following execution
plan. Resource actions are indicated with the following symbols:
  + create

Terraform will perform the following actions:

  # aws_iam_policy.basic_policy will be created
  + resource "aws_iam_policy" "basic_policy" {
      + arn              = (known after apply)
      + attachment_count = (known after apply)
      + description      = "Basic policy for S3 access"
      + id               = (known after apply)
      + name             = (known after apply)
      + name_prefix      = (known after apply)
      + path             = "/"
      + policy           = (known after apply)
      + policy_id        = (known after apply)
      + tags_all         = (known after apply)
    }

  # aws_iam_role.basic will be created
  + resource "aws_iam_role" "basic" {
      + arn                   = (known after apply)
      + assume_role_policy    = jsonencode(
            {
              + Statement = [
                  + {
                      + Action    = "sts:AssumeRole"
                      + Effect    = "Allow"
                      + Principal = {
                          + Service = "ec2.amazonaws.com"
                        }
                    },
                ]
              + Version   = "2012-10-17"
            }
        )
      + create_date           = (known after apply)
      + force_detach_policies = false
      + id                    = (known after apply)
      + managed_policy_arns   = (known after apply)
      + max_session_duration  = 3600
      + name                  = (known after apply)
      + name_prefix           = (known after apply)
      + path                  = "/"
      + tags                  = {
          + "Environment" = "dev"
          + "Name"        = "ai-basis-basic-role"
        }
      + tags_all              = {
          + "Environment" = "dev"
          + "Name"        = "ai-basis-basic-role"
        }
      + unique_id             = (known after apply)

      + inline_policy (known after apply)
    }

  # aws_iam_role_policy_attachment.basic_attach will be created
  + resource "aws_iam_role_policy_attachment" "basic_attach" {
      + id         = (known after apply)
      + policy_arn = (known after apply)
      + role       = (known after apply)
    }

  # aws_s3_bucket.artifact will be created
  + resource "aws_s3_bucket" "artifact" {
      + acceleration_status         = (known after apply)
      + acl                         = (known after apply)
      + arn                         = (known after apply)
      + bucket                      = (known after apply)
      + bucket_domain_name          = (known after apply)
      + bucket_prefix               = (known after apply)
      + bucket_region               = (known after apply)
      + bucket_regional_domain_name = (known after apply)
      + force_destroy               = false
      + hosted_zone_id              = (known after apply)
      + id                          = (known after apply)
      + object_lock_enabled         = (known after apply)
      + policy                      = (known after apply)
      + region                      = "eu-central-1"
      + request_payer               = (known after apply)
      + tags                        = {
          + "Environment" = "dev"
          + "Name"        = "ai-basis-artifacts"
        }
      + tags_all                    = {
          + "Environment" = "dev"
          + "Name"        = "ai-basis-artifacts"
        }
      + website_domain              = (known after apply)
      + website_endpoint            = (known after apply)

      + cors_rule (known after apply)

      + grant (known after apply)

      + lifecycle_rule (known after apply)

      + logging (known after apply)

      + object_lock_configuration (known after apply)

      + replication_configuration (known after apply)

      + server_side_encryption_configuration (known after apply)

      + versioning (known after apply)

      + website (known after apply)
    }

  # random_id.suffix will be created
  + resource "random_id" "suffix" {
      + b64_std     = (known after apply)
      + b64_url     = (known after apply)
      + byte_length = 4
      + dec         = (known after apply)
      + hex         = (known after apply)
      + id          = (known after apply)
    }

Plan: 5 to add, 0 to change, 0 to destroy.

Changes to Outputs:
  + artifact_bucket_arn  = (known after apply)
  + artifact_bucket_name = (known after apply)
  + basic_iam_role_arn   = (known after apply)
random_id.suffix: Creating...
random_id.suffix: Creation complete after 0s [id=exYvMQ]
aws_iam_role.basic: Creating...
aws_s3_bucket.artifact: Creating...
aws_iam_role.basic: Creation complete after 0s [id=ai-basis-basic-role-7b162f31]
aws_s3_bucket.artifact: Still creating... [00m10s elapsed]
aws_s3_bucket.artifact: Still creating... [00m20s elapsed]
aws_s3_bucket.artifact: Still creating... [00m30s elapsed]
aws_s3_bucket.artifact: Still creating... [00m40s elapsed]
aws_s3_bucket.artifact: Still creating... [00m50s elapsed]
