{"format_version":"1.2","terraform_version":"1.13.5","variables":{"artifact_bucket_name":{"value":null},"aws_region":{"value":"eu-central-1"}},"planned_values":{"outputs":{"artifact_bucket_arn":{"sensitive":false},"artifact_bucket_name":{"sensitive":false},"basic_iam_role_arn":{"sensitive":false}},"root_module":{"resources":[{"address":"aws_iam_policy.basic_policy","mode":"managed","type":"aws_iam_policy","name":"basic_policy","provider_name":"registry.terraform.io/hashicorp/aws","schema_version":0,"values":{"delay_after_policy_creation_in_ms":null,"description":"Basic policy for S3 access","path":"/","tags":null},"sensitive_values":{"tags_all":{}},"identity_schema_version":0,"identity":{"arn":null}},{"address":"aws_iam_role.basic","mode":"managed","type":"aws_iam_role","name":"basic","provider_name":"registry.terraform.io/hashicorp/aws","schema_version":0,"values":{"assume_role_policy":"{\"Statement\":[{\"Action\":\"sts:AssumeRole\",\"Effect\":\"Allow\",\"Principal\":{\"Service\":\"ec2.amazonaws.com\"}}],\"Version\":\"2012-10-17\"}","description":null,"force_detach_policies":false,"max_session_duration":3600,"path":"/","permissions_boundary":null,"tags":{"Environment":"dev","Name":"ai-basis-basic-role"},"tags_all":{"Environment":"dev","Name":"ai-basis-basic-role"}},"sensitive_values":{"inline_policy":[],"managed_policy_arns":[],"tags":{},"tags_all":{}},"identity_schema_version":0,"identity":{"account_id":null,"name":null}},{"address":"aws_iam_role_policy_attachment.basic_attach","mode":"managed","type":"aws_iam_role_policy_attachment","name":"basic_attach","provider_name":"registry.terraform.io/hashicorp/aws","schema_version":0,"sensitive_values":{},"identity_schema_version":0,"identity":{"account_id":null,"policy_arn":null,"role":null}},{"address":"aws_s3_bucket.artifact","mode":"managed","type":"aws_s3_bucket","name":"artifact","provider_name":"registry.terraform.io/hashicorp/aws","schema_version":0,"values":{"force_destroy":false,"region":"eu-central-1","tags":{"Environment":"dev","Name":"ai-basis-artifacts"},"tags_all":{"Environment":"dev","Name":"ai-basis-artifacts"},"timeouts":null},"sensitive_values":{"cors_rule":[],"grant":[],"lifecycle_rule":[],"logging":[],"object_lock_configuration":[],"replication_configuration":[],"server_side_encryption_configuration":[],"tags":{},"tags_all":{},"versioning":[],"website":[]},"identity_schema_version":0,"identity":{"account_id":null,"bucket":null,"region":null}},{"address":"random_id.suffix","mode":"managed","type":"random_id","name":"suffix","provider_name":"registry.terraform.io/hashicorp/random","schema_version":0,"values":{"byte_length":4,"keepers":null,"prefix":null},"sensitive_values":{}}]}},"resource_changes":[{"address":"aws_iam_policy.basic_policy","mode":"managed","type":"aws_iam_policy","name":"basic_policy","provider_name":"registry.terraform.io/hashicorp/aws","change":{"actions":["create"],"before":null,"after":{"delay_after_policy_creation_in_ms":null,"description":"Basic policy for S3 access","path":"/","tags":null},"after_unknown":{"arn":true,"attachment_count":true,"id":true,"name":true,"name_prefix":true,"policy":true,"policy_id":true,"tags_all":true},"before_sensitive":false,"after_sensitive":{"tags_all":{}},"after_identity":{"arn":null}}},{"address":"aws_iam_role.basic","mode":"managed","type":"aws_iam_role","name":"basic","provider_name":"registry.terraform.io/hashicorp/aws","change":{"actions":["create"],"before":null,"after":{"assume_role_policy":"{\"Statement\":[{\"Action\":\"sts:AssumeRole\",\"Effect\":\"Allow\",\"Principal\":{\"Service\":\"ec2.amazonaws.com\"}}],\"Version\":\"2012-10-17\"}","description":null,"force_detach_policies":false,"max_session_duration":3600,"path":"/","permissions_boundary":null,"tags":{"Environment":"dev","Name":"ai-basis-basic-role"},"tags_all":{"Environment":"dev","Name":"ai-basis-basic-role"}},"after_unknown":{"arn":true,"create_date":true,"id":true,"inline_policy":true,"managed_policy_arns":true,"name":true,"name_prefix":true,"tags":{},"tags_all":{},"unique_id":true},"before_sensitive":false,"after_sensitive":{"inline_policy":[],"managed_policy_arns":[],"tags":{},"tags_all":{}},"after_identity":{"account_id":null,"name":null}}},{"address":"aws_iam_role_policy_attachment.basic_attach","mode":"managed","type":"aws_iam_role_policy_attachment","name":"basic_attach","provider_name":"registry.terraform.io/hashicorp/aws","change":{"actions":["create"],"before":null,"after":{},"after_unknown":{"id":true,"policy_arn":true,"role":true},"before_sensitive":false,"after_sensitive":{},"after_identity":{"account_id":null,"policy_arn":null,"role":null}}},{"address":"aws_s3_bucket.artifact","mode":"managed","type":"aws_s3_bucket","name":"artifact","provider_name":"registry.terraform.io/hashicorp/aws","change":{"actions":["create"],"before":null,"after":{"force_destroy":false,"region":"eu-central-1","tags":{"Environment":"dev","Name":"ai-basis-artifacts"},"tags_all":{"Environment":"dev","Name":"ai-basis-artifacts"},"timeouts":null},"after_unknown":{"acceleration_status":true,"acl":true,"arn":true,"bucket":true,"bucket_domain_name":true,"bucket_prefix":true,"bucket_region":true,"bucket_regional_domain_name":true,"cors_rule":true,"grant":true,"hosted_zone_id":true,"id":true,"lifecycle_rule":true,"logging":true,"object_lock_configuration":true,"object_lock_enabled":true,"policy":true,"replication_configuration":true,"request_payer":true,"server_side_encryption_configuration":true,"tags":{},"tags_all":{},"versioning":true,"website":true,"website_domain":true,"website_endpoint":true},"before_sensitive":false,"after_sensitive":{"cors_rule":[],"grant":[],"lifecycle_rule":[],"logging":[],"object_lock_configuration":[],"replication_configuration":[],"server_side_encryption_configuration":[],"tags":{},"tags_all":{},"versioning":[],"website":[]},"after_identity":{"account_id":null,"bucket":null,"region":null}}},{"address":"random_id.suffix","mode":"managed","type":"random_id","name":"suffix","provider_name":"registry.terraform.io/hashicorp/random","change":{"actions":["create"],"before":null,"after":{"byte_length":4,"keepers":null,"prefix":null},"after_unknown":{"b64_std":true,"b64_url":true,"dec":true,"hex":true,"id":true},"before_sensitive":false,"after_sensitive":{}}}],"output_changes":{"artifact_bucket_arn":{"actions":["create"],"before":null,"after_unknown":true,"before_sensitive":false,"after_sensitive":false},"artifact_bucket_name":{"actions":["create"],"before":null,"after_unknown":true,"before_sensitive":false,"after_sensitive":false},"basic_iam_role_arn":{"actions":["create"],"before":null,"after_unknown":true,"before_sensitive":false,"after_sensitive":false}},"configuration":{"provider_config":{"aws":{"name":"aws","full_name":"registry.terraform.io/hashicorp/aws","version_constraint":"\u003e= 4.0.0","expressions":{"region":{"references":["var.aws_region"]}}},"random":{"name":"random","full_name":"registry.terraform.io/hashicorp/random"}},"root_module":{"outputs":{"artifact_bucket_arn":{"expression":{"references":["aws_s3_bucket.artifact.arn","aws_s3_bucket.artifact"]},"description":"ARN of the S3 bucket for artifacts"},"artifact_bucket_name":{"expression":{"references":["aws_s3_bucket.artifact.bucket","aws_s3_bucket.artifact"]},"description":"Name of the S3 bucket for artifacts"},"basic_iam_role_arn":{"expression":{"references":["aws_iam_role.basic.arn","aws_iam_role.basic"]},"description":"ARN of the basic IAM role"}},"resources":[{"address":"aws_iam_policy.basic_policy","mode":"managed","type":"aws_iam_policy","name":"basic_policy","provider_config_key":"aws","expressions":{"description":{"constant_value":"Basic policy for S3 access"},"name":{"references":["random_id.suffix.hex","random_id.suffix"]},"policy":{"references":["aws_s3_bucket.artifact.arn","aws_s3_bucket.artifact","aws_s3_bucket.artifact.arn","aws_s3_bucket.artifact"]}},"schema_version":0},{"address":"aws_iam_role.basic","mode":"managed","type":"aws_iam_role","name":"basic","provider_config_key":"aws","expressions":{"assume_role_policy":{},"name":{"references":["random_id.suffix.hex","random_id.suffix"]},"tags":{"constant_value":{"Environment":"dev","Name":"ai-basis-basic-role"}}},"schema_version":0},{"address":"aws_iam_role_policy_attachment.basic_attach","mode":"managed","type":"aws_iam_role_policy_attachment","name":"basic_attach","provider_config_key":"aws","expressions":{"policy_arn":{"references":["aws_iam_policy.basic_policy.arn","aws_iam_policy.basic_policy"]},"role":{"references":["aws_iam_role.basic.name","aws_iam_role.basic"]}},"schema_version":0},{"address":"aws_s3_bucket.artifact","mode":"managed","type":"aws_s3_bucket","name":"artifact","provider_config_key":"aws","expressions":{"bucket":{"references":["var.artifact_bucket_name","random_id.suffix.hex","random_id.suffix"]},"tags":{"constant_value":{"Environment":"dev","Name":"ai-basis-artifacts"}}},"schema_version":0},{"address":"random_id.suffix","mode":"managed","type":"random_id","name":"suffix","provider_config_key":"random","expressions":{"byte_length":{"constant_value":4}},"schema_version":0}],"variables":{"artifact_bucket_name":{"default":null,"description":"Name for the S3 bucket to store artifacts"},"aws_region":{"default":"eu-central-1","description":"AWS region to deploy resources in"}}}},"relevant_attributes":[{"resource":"aws_iam_policy.basic_policy","attribute":["arn"]},{"resource":"aws_iam_role.basic","attribute":["name"]},{"resource":"aws_s3_bucket.artifact","attribute":["arn"]},{"resource":"random_id.suffix","attribute":["hex"]},{"resource":"aws_iam_role.basic","attribute":["arn"]},{"resource":"aws_s3_bucket.artifact","attribute":["bucket"]}],"timestamp":"2026-01-23T14:29:20Z","applyable":true,"complete":true,"errored":false}
