data.aws_partition.current: Reading...
data.aws_iam_policy_document.firehose_assume: Reading...
data.aws_caller_identity.current: Reading...
data.aws_availability_zones.available: Reading...
data.aws_partition.current: Read complete after 0s [id=aws]
data.aws_iam_policy_document.firehose_assume: Read complete after 0s [id=414810265]
data.aws_caller_identity.current: Read complete after 0s [id=000000000000]
data.aws_availability_zones.available: Read complete after 1s [id=eu-north-1]

Terraform used the selected providers to generate the following execution
plan. Resource actions are indicated with the following symbols:
  + create
 <= read (data resources)

Terraform will perform the following actions:

  # data.aws_iam_policy_document.firehose will be read during apply
  # (config refers to values not yet known)
 <= data "aws_iam_policy_document" "firehose" {
      + id            = (known after apply)
      + json          = (known after apply)
      + minified_json = (known after apply)

      + statement {
          + actions   = [
              + "s3:AbortMultipartUpload",
              + "s3:GetBucketLocation",
              + "s3:GetObject",
              + "s3:ListBucket",
              + "s3:ListBucketMultipartUploads",
              + "s3:PutObject",
            ]
          + effect    = "Allow"
          + resources = [
              + (known after apply),
              + (known after apply),
            ]
        }
      + statement {
          + actions   = [
              + "kms:Decrypt",
              + "kms:DescribeKey",
              + "kms:Encrypt",
              + "kms:GenerateDataKey",
            ]
          + effect    = "Allow"
          + resources = [
              + (known after apply),
            ]
        }
      + statement {
          + actions   = [
              + "logs:PutLogEvents",
            ]
          + effect    = "Allow"
          + resources = [
              + (known after apply),
            ]
        }
    }

  # aws_cloudwatch_log_group.firehose will be created
  + resource "aws_cloudwatch_log_group" "firehose" {
      + arn               = (known after apply)
      + id                = (known after apply)
      + kms_key_id        = (known after apply)
      + log_group_class   = (known after apply)
      + name              = "/aws/kinesisfirehose/clickhouse-challenge-dev"
      + name_prefix       = (known after apply)
      + retention_in_days = 14
      + skip_destroy      = false
      + tags              = {
          + "Environment" = "dev"
          + "Project"     = "clickhouse-challenge"
        }
      + tags_all          = {
          + "Environment" = "dev"
          + "ManagedBy"   = "terraform"
          + "Project"     = "clickhouse-challenge"
        }
    }

  # aws_cloudwatch_log_group.msk will be created
  + resource "aws_cloudwatch_log_group" "msk" {
      + arn               = (known after apply)
      + id                = (known after apply)
      + kms_key_id        = (known after apply)
      + log_group_class   = (known after apply)
      + name              = "/aws/msk/clickhouse-challenge-dev"
      + name_prefix       = (known after apply)
      + retention_in_days = 14
      + skip_destroy      = false
      + tags              = {
          + "Environment" = "dev"
          + "Project"     = "clickhouse-challenge"
        }
      + tags_all          = {
          + "Environment" = "dev"
          + "ManagedBy"   = "terraform"
          + "Project"     = "clickhouse-challenge"
        }
    }

  # aws_db_instance.postgres will be created
  + resource "aws_db_instance" "postgres" {
      + address                               = (known after apply)
      + allocated_storage                     = 20
      + apply_immediately                     = false
      + arn                                   = (known after apply)
      + auto_minor_version_upgrade            = true
      + availability_zone                     = (known after apply)
      + backup_retention_period               = 7
      + backup_target                         = (known after apply)
      + backup_window                         = (known after apply)
      + ca_cert_identifier                    = (known after apply)
      + character_set_name                    = (known after apply)
      + copy_tags_to_snapshot                 = false
      + database_insights_mode                = (known after apply)
      + db_name                               = "defaultdb"
      + db_subnet_group_name                  = "clickhouse-challenge-dev-postgres"
      + dedicated_log_volume                  = false
      + delete_automated_backups              = true
      + deletion_protection                   = false
      + domain_fqdn                           = (known after apply)
      + enabled_cloudwatch_logs_exports       = [
          + "postgresql",
          + "upgrade",
        ]
      + endpoint                              = (known after apply)
      + engine                                = "postgres"
      + engine_lifecycle_support              = (known after apply)
      + engine_version                        = "16.3"
      + engine_version_actual                 = (known after apply)
      + hosted_zone_id                        = (known after apply)
      + id                                    = (known after apply)
      + identifier                            = "clickhouse-challenge-dev-postgres"
      + identifier_prefix                     = (known after apply)
      + instance_class                        = "db.t4g.micro"
      + iops                                  = (known after apply)
      + kms_key_id                            = (known after apply)
      + latest_restorable_time                = (known after apply)
      + license_model                         = (known after apply)
      + listener_endpoint                     = (known after apply)
      + maintenance_window                    = (known after apply)
      + master_user_secret                    = (known after apply)
      + master_user_secret_kms_key_id         = (known after apply)
      + monitoring_interval                   = 0
      + monitoring_role_arn                   = (known after apply)
      + multi_az                              = true
      + nchar_character_set_name              = (known after apply)
      + network_type                          = (known after apply)
      + option_group_name                     = (known after apply)
      + parameter_group_name                  = (known after apply)
      + password                              = (sensitive value)
      + password_wo                           = (write-only attribute)
      + performance_insights_enabled          = false
      + performance_insights_kms_key_id       = (known after apply)
      + performance_insights_retention_period = (known after apply)
      + port                                  = (known after apply)
      + publicly_accessible                   = false
      + replica_mode                          = (known after apply)
      + replicas                              = (known after apply)
      + resource_id                           = (known after apply)
      + skip_final_snapshot                   = true
      + snapshot_identifier                   = (known after apply)
      + status                                = (known after apply)
      + storage_encrypted                     = true
      + storage_throughput                    = (known after apply)
      + storage_type                          = "gp3"
      + tags                                  = {
          + "Environment" = "dev"
          + "Project"     = "clickhouse-challenge"
        }
      + tags_all                              = {
          + "Environment" = "dev"
          + "ManagedBy"   = "terraform"
          + "Project"     = "clickhouse-challenge"
        }
      + timezone                              = (known after apply)
      + username                              = "appuser"
      + vpc_security_group_ids                = (known after apply)
    }

  # aws_db_subnet_group.postgres will be created
  + resource "aws_db_subnet_group" "postgres" {
      + arn                     = (known after apply)
      + description             = "Managed by Terraform"
      + id                      = (known after apply)
      + name                    = "clickhouse-challenge-dev-postgres"
      + name_prefix             = (known after apply)
      + subnet_ids              = (known after apply)
      + supported_network_types = (known after apply)
      + tags                    = {
          + "Environment" = "dev"
          + "Name"        = "clickhouse-challenge-dev-postgres"
          + "Project"     = "clickhouse-challenge"
        }
      + tags_all                = {
          + "Environment" = "dev"
          + "ManagedBy"   = "terraform"
          + "Name"        = "clickhouse-challenge-dev-postgres"
          + "Project"     = "clickhouse-challenge"
        }
      + vpc_id                  = (known after apply)
    }

  # aws_iam_role.firehose will be created
  + resource "aws_iam_role" "firehose" {
      + arn                   = (known after apply)
      + assume_role_policy    = jsonencode(
            {
              + Statement = [
                  + {
                      + Action    = "sts:AssumeRole"
                      + Effect    = "Allow"
                      + Principal = {
                          + Service = "firehose.amazonaws.com"
                        }
                    },
                ]
              + Version   = "2012-10-17"
            }
        )
      + create_date           = (known after apply)
      + force_detach_policies = false
      + id                    = (known after apply)
      + managed_policy_arns   = (known after apply)
      + max_session_duration  = 3600
      + name                  = "clickhouse-challenge-dev-firehose"
      + name_prefix           = (known after apply)
      + path                  = "/"
      + tags                  = {
          + "Environment" = "dev"
          + "Project"     = "clickhouse-challenge"
        }
      + tags_all              = {
          + "Environment" = "dev"
          + "ManagedBy"   = "terraform"
          + "Project"     = "clickhouse-challenge"
        }
      + unique_id             = (known after apply)

      + inline_policy (known after apply)
    }

  # aws_iam_role_policy.firehose will be created
  + resource "aws_iam_role_policy" "firehose" {
      + id          = (known after apply)
      + name        = "clickhouse-challenge-dev-firehose"
      + name_prefix = (known after apply)
      + policy      = (known after apply)
      + role        = (known after apply)
    }

  # aws_kinesis_firehose_delivery_stream.raw_to_s3 will be created
  + resource "aws_kinesis_firehose_delivery_stream" "raw_to_s3" {
      + arn            = (known after apply)
      + destination    = "extended_s3"
      + destination_id = (known after apply)
      + id             = (known after apply)
      + name           = "clickhouse-challenge-dev-raw"
      + tags           = {
          + "Environment" = "dev"
          + "Project"     = "clickhouse-challenge"
        }
      + tags_all       = {
          + "Environment" = "dev"
          + "ManagedBy"   = "terraform"
          + "Project"     = "clickhouse-challenge"
        }
      + version_id     = (known after apply)

      + extended_s3_configuration {
          + bucket_arn          = (known after apply)
          + buffering_interval  = 60
          + buffering_size      = 5
          + compression_format  = "GZIP"
          + custom_time_zone    = "UTC"
          + error_output_prefix = "raw-errors/!{timestamp:yyyy/MM/dd}/"
          + kms_key_arn         = (known after apply)
          + prefix              = "raw/!{timestamp:yyyy/MM/dd}/"
          + role_arn            = (known after apply)
          + s3_backup_mode      = "Disabled"

          + cloudwatch_logging_options {
              + enabled         = true
              + log_group_name  = "/aws/kinesisfirehose/clickhouse-challenge-dev"
              + log_stream_name = "S3Delivery"
            }
        }
    }

  # aws_kms_alias.main will be created
  + resource "aws_kms_alias" "main" {
      + arn            = (known after apply)
      + id             = (known after apply)
      + name           = "alias/clickhouse-challenge-dev"
      + name_prefix    = (known after apply)
      + target_key_arn = (known after apply)
      + target_key_id  = (known after apply)
    }

  # aws_kms_key.main will be created
  + resource "aws_kms_key" "main" {
      + arn                                = (known after apply)
      + bypass_policy_lockout_safety_check = false
      + customer_master_key_spec           = "SYMMETRIC_DEFAULT"
      + deletion_window_in_days            = 7
      + description                        = "KMS key for clickhouse-challenge-dev"
      + enable_key_rotation                = true
      + id                                 = (known after apply)
      + is_enabled                         = true
      + key_id                             = (known after apply)
      + key_usage                          = "ENCRYPT_DECRYPT"
      + multi_region                       = (known after apply)
      + policy                             = (known after apply)
      + rotation_period_in_days            = (known after apply)
      + tags                               = {
          + "Environment" = "dev"
          + "Name"        = "clickhouse-challenge-dev-kms"
          + "Project"     = "clickhouse-challenge"
        }
      + tags_all                           = {
          + "Environment" = "dev"
          + "ManagedBy"   = "terraform"
          + "Name"        = "clickhouse-challenge-dev-kms"
          + "Project"     = "clickhouse-challenge"
        }
    }

  # aws_msk_cluster.main will be created
  + resource "aws_msk_cluster" "main" {
      + arn                                           = (known after apply)
      + bootstrap_brokers                             = (known after apply)
      + bootstrap_brokers_public_sasl_iam             = (known after apply)
      + bootstrap_brokers_public_sasl_scram           = (known after apply)
      + bootstrap_brokers_public_tls                  = (known after apply)
      + bootstrap_brokers_sasl_iam                    = (known after apply)
      + bootstrap_brokers_sasl_scram                  = (known after apply)
      + bootstrap_brokers_tls                         = (known after apply)
      + bootstrap_brokers_vpc_connectivity_sasl_iam   = (known after apply)
      + bootstrap_brokers_vpc_connectivity_sasl_scram = (known after apply)
      + bootstrap_brokers_vpc_connectivity_tls        = (known after apply)
      + cluster_name                                  = "clickhouse-challenge-dev-msk"
      + cluster_uuid                                  = (known after apply)
      + current_version                               = (known after apply)
      + enhanced_monitoring                           = "DEFAULT"
      + id                                            = (known after apply)
      + kafka_version                                 = "3.6.0"
      + number_of_broker_nodes                        = 2
      + storage_mode                                  = (known after apply)
      + tags                                          = {
          + "Environment" = "dev"
          + "Project"     = "clickhouse-challenge"
        }
      + tags_all                                      = {
          + "Environment" = "dev"
          + "ManagedBy"   = "terraform"
          + "Project"     = "clickhouse-challenge"
        }
      + zookeeper_connect_string                      = (known after apply)
      + zookeeper_connect_string_tls                  = (known after apply)

      + broker_node_group_info {
          + az_distribution = "DEFAULT"
          + client_subnets  = (known after apply)
          + instance_type   = "kafka.t3.small"
          + security_groups = (known after apply)

          + connectivity_info (known after apply)

          + storage_info {
              + ebs_storage_info {
                  + volume_size = 100
                }
            }
        }

      + client_authentication {
          + unauthenticated = true
        }

      + configuration_info {
          + arn      = (known after apply)
          + revision = (known after apply)
        }

      + encryption_info {
          + encryption_at_rest_kms_key_arn = (known after apply)

          + encryption_in_transit {
              + client_broker = "TLS"
              + in_cluster    = true
            }
        }

      + logging_info {
          + broker_logs {
              + cloudwatch_logs {
                  + enabled   = true
                  + log_group = "/aws/msk/clickhouse-challenge-dev"
                }
            }
        }
    }

  # aws_msk_configuration.main will be created
  + resource "aws_msk_configuration" "main" {
      + arn               = (known after apply)
      + id                = (known after apply)
      + kafka_versions    = [
          + "3.6.0",
        ]
      + latest_revision   = (known after apply)
      + name              = "clickhouse-challenge-dev-msk"
      + server_properties = <<-EOT
            auto.create.topics.enable = true
            default.replication.factor = 2
            min.insync.replicas = 1
            num.partitions = 3
        EOT
    }

  # aws_redshiftserverless_namespace.main will be created
  + resource "aws_redshiftserverless_namespace" "main" {
      + admin_password_secret_arn        = (known after apply)
      + admin_password_secret_kms_key_id = (known after apply)
      + admin_user_password              = (sensitive value)
      + admin_user_password_wo           = (write-only attribute)
      + admin_username                   = (sensitive value)
      + arn                              = (known after apply)
      + db_name                          = (known after apply)
      + iam_roles                        = (known after apply)
      + id                               = (known after apply)
      + kms_key_id                       = (known after apply)
      + namespace_id                     = (known after apply)
      + namespace_name                   = "clickhouse_challenge_dev_ns"
      + tags                             = {
          + "Environment" = "dev"
          + "Project"     = "clickhouse-challenge"
        }
      + tags_all                         = {
          + "Environment" = "dev"
          + "ManagedBy"   = "terraform"
          + "Project"     = "clickhouse-challenge"
        }
    }

  # aws_redshiftserverless_workgroup.main will be created
  + resource "aws_redshiftserverless_workgroup" "main" {
      + arn                 = (known after apply)
      + base_capacity       = 8
      + endpoint            = (known after apply)
      + id                  = (known after apply)
      + namespace_name      = "clickhouse_challenge_dev_ns"
      + port                = (known after apply)
      + publicly_accessible = false
      + security_group_ids  = (known after apply)
      + subnet_ids          = (known after apply)
      + tags                = {
          + "Environment" = "dev"
          + "Project"     = "clickhouse-challenge"
        }
      + tags_all            = {
          + "Environment" = "dev"
          + "ManagedBy"   = "terraform"
          + "Project"     = "clickhouse-challenge"
        }
      + track_name          = (known after apply)
      + workgroup_id        = (known after apply)
      + workgroup_name      = "clickhouse_challenge_dev_wg"

      + config_parameter (known after apply)

      + price_performance_target (known after apply)
    }

  # aws_s3_bucket.data will be created
  + resource "aws_s3_bucket" "data" {
      + acceleration_status         = (known after apply)
      + acl                         = (known after apply)
      + arn                         = (known after apply)
      + bucket                      = (known after apply)
      + bucket_domain_name          = (known after apply)
      + bucket_prefix               = (known after apply)
      + bucket_regional_domain_name = (known after apply)
      + force_destroy               = false
      + hosted_zone_id              = (known after apply)
      + id                          = (known after apply)
      + object_lock_enabled         = (known after apply)
      + policy                      = (known after apply)
      + region                      = (known after apply)
      + request_payer               = (known after apply)
      + tags                        = {
          + "Environment" = "dev"
          + "Name"        = "clickhouse-challenge-dev-data"
          + "Project"     = "clickhouse-challenge"
        }
      + tags_all                    = {
          + "Environment" = "dev"
          + "ManagedBy"   = "terraform"
          + "Name"        = "clickhouse-challenge-dev-data"
          + "Project"     = "clickhouse-challenge"
        }
      + website_domain              = (known after apply)
      + website_endpoint            = (known after apply)

      + cors_rule (known after apply)

      + grant (known after apply)

      + lifecycle_rule (known after apply)

      + logging (known after apply)

      + object_lock_configuration (known after apply)

      + replication_configuration (known after apply)

      + server_side_encryption_configuration (known after apply)

      + versioning (known after apply)

      + website (known after apply)
    }

  # aws_s3_bucket_lifecycle_configuration.data will be created
  + resource "aws_s3_bucket_lifecycle_configuration" "data" {
      + bucket                                 = (known after apply)
      + expected_bucket_owner                  = (known after apply)
      + id                                     = (known after apply)
      + transition_default_minimum_object_size = "all_storage_classes_128K"

      + rule {
          + id     = "expire-raw"
          + status = "Enabled"
            # (1 unchanged attribute hidden)

          + expiration {
              + days                         = 30
              + expired_object_delete_marker = false
            }

          + filter {
              + prefix = "raw/"
            }
        }
    }

  # aws_s3_bucket_public_access_block.data will be created
  + resource "aws_s3_bucket_public_access_block" "data" {
      + block_public_acls       = true
      + block_public_policy     = true
      + bucket                  = (known after apply)
      + id                      = (known after apply)
      + ignore_public_acls      = true
      + restrict_public_buckets = true
    }

  # aws_s3_bucket_server_side_encryption_configuration.data will be created
  + resource "aws_s3_bucket_server_side_encryption_configuration" "data" {
      + bucket = (known after apply)
      + id     = (known after apply)

      + rule {
          + apply_server_side_encryption_by_default {
              + kms_master_key_id = (known after apply)
              + sse_algorithm     = "aws:kms"
            }
        }
    }

  # aws_s3_bucket_versioning.data will be created
  + resource "aws_s3_bucket_versioning" "data" {
      + bucket = (known after apply)
      + id     = (known after apply)

      + versioning_configuration {
          + mfa_delete = (known after apply)
          + status     = "Enabled"
        }
    }

  # aws_secretsmanager_secret.postgres will be created
  + resource "aws_secretsmanager_secret" "postgres" {
      + arn                            = (known after apply)
      + force_overwrite_replica_secret = false
      + id                             = (known after apply)
      + kms_key_id                     = (known after apply)
      + name                           = "clickhouse-challenge-dev/postgres"
      + name_prefix                    = (known after apply)
      + policy                         = (known after apply)
      + recovery_window_in_days        = 7
      + tags                           = {
          + "Environment" = "dev"
          + "Project"     = "clickhouse-challenge"
        }
      + tags_all                       = {
          + "Environment" = "dev"
          + "ManagedBy"   = "terraform"
          + "Project"     = "clickhouse-challenge"
        }

      + replica (known after apply)
    }

  # aws_secretsmanager_secret.redshift will be created
  + resource "aws_secretsmanager_secret" "redshift" {
      + arn                            = (known after apply)
      + force_overwrite_replica_secret = false
      + id                             = (known after apply)
      + kms_key_id                     = (known after apply)
      + name                           = "clickhouse-challenge-dev/redshift"
      + name_prefix                    = (known after apply)
      + policy                         = (known after apply)
      + recovery_window_in_days        = 7
      + tags                           = {
          + "Environment" = "dev"
          + "Project"     = "clickhouse-challenge"
        }
      + tags_all                       = {
          + "Environment" = "dev"
          + "ManagedBy"   = "terraform"
          + "Project"     = "clickhouse-challenge"
        }

      + replica (known after apply)
    }

  # aws_secretsmanager_secret_version.postgres will be created
  + resource "aws_secretsmanager_secret_version" "postgres" {
      + arn                  = (known after apply)
      + has_secret_string_wo = (known after apply)
      + id                   = (known after apply)
      + secret_id            = (known after apply)
      + secret_string        = (sensitive value)
      + secret_string_wo     = (write-only attribute)
      + version_id           = (known after apply)
      + version_stages       = (known after apply)
    }

  # aws_secretsmanager_secret_version.redshift will be created
  + resource "aws_secretsmanager_secret_version" "redshift" {
      + arn                  = (known after apply)
      + has_secret_string_wo = (known after apply)
      + id                   = (known after apply)
      + secret_id            = (known after apply)
      + secret_string        = (sensitive value)
      + secret_string_wo     = (write-only attribute)
      + version_id           = (known after apply)
      + version_stages       = (known after apply)
    }

  # aws_security_group.msk will be created
  + resource "aws_security_group" "msk" {
      + arn                    = (known after apply)
      + description            = "MSK broker access"
      + egress                 = [
          + {
              + cidr_blocks      = [
                  + "0.0.0.0/0",
                ]
              + description      = "Allow all egress"
              + from_port        = 0
              + ipv6_cidr_blocks = []
              + prefix_list_ids  = []
              + protocol         = "-1"
              + security_groups  = []
              + self             = false
              + to_port          = 0
            },
        ]
      + id                     = (known after apply)
      + ingress                = (known after apply)
      + name                   = "clickhouse-challenge-dev-msk"
      + name_prefix            = (known after apply)
      + owner_id               = (known after apply)
      + revoke_rules_on_delete = false
      + tags                   = {
          + "Environment" = "dev"
          + "Name"        = "clickhouse-challenge-dev-msk"
          + "Project"     = "clickhouse-challenge"
        }
      + tags_all               = {
          + "Environment" = "dev"
          + "ManagedBy"   = "terraform"
          + "Name"        = "clickhouse-challenge-dev-msk"
          + "Project"     = "clickhouse-challenge"
        }
      + vpc_id                 = (known after apply)
    }

  # aws_security_group.rds will be created
  + resource "aws_security_group" "rds" {
      + arn                    = (known after apply)
      + description            = "RDS PostgreSQL access"
      + egress                 = [
          + {
              + cidr_blocks      = [
                  + "0.0.0.0/0",
                ]
              + description      = "Allow all egress"
              + from_port        = 0
              + ipv6_cidr_blocks = []
              + prefix_list_ids  = []
              + protocol         = "-1"
              + security_groups  = []
              + self             = false
              + to_port          = 0
            },
        ]
      + id                     = (known after apply)
      + ingress                = (known after apply)
      + name                   = "clickhouse-challenge-dev-rds"
      + name_prefix            = (known after apply)
      + owner_id               = (known after apply)
      + revoke_rules_on_delete = false
      + tags                   = {
          + "Environment" = "dev"
          + "Name"        = "clickhouse-challenge-dev-rds"
          + "Project"     = "clickhouse-challenge"
        }
      + tags_all               = {
          + "Environment" = "dev"
          + "ManagedBy"   = "terraform"
          + "Name"        = "clickhouse-challenge-dev-rds"
          + "Project"     = "clickhouse-challenge"
        }
      + vpc_id                 = (known after apply)
    }

  # aws_security_group.redshift will be created
  + resource "aws_security_group" "redshift" {
      + arn                    = (known after apply)
      + description            = "Redshift Serverless access"
      + egress                 = [
          + {
              + cidr_blocks      = [
                  + "0.0.0.0/0",
                ]
              + description      = "Allow all egress"
              + from_port        = 0
              + ipv6_cidr_blocks = []
              + prefix_list_ids  = []
              + protocol         = "-1"
              + security_groups  = []
              + self             = false
              + to_port          = 0
            },
        ]
      + id                     = (known after apply)
      + ingress                = (known after apply)
      + name                   = "clickhouse-challenge-dev-redshift"
      + name_prefix            = (known after apply)
      + owner_id               = (known after apply)
      + revoke_rules_on_delete = false
      + tags                   = {
          + "Environment" = "dev"
          + "Name"        = "clickhouse-challenge-dev-redshift"
          + "Project"     = "clickhouse-challenge"
        }
      + tags_all               = {
          + "Environment" = "dev"
          + "ManagedBy"   = "terraform"
          + "Name"        = "clickhouse-challenge-dev-redshift"
          + "Project"     = "clickhouse-challenge"
        }
      + vpc_id                 = (known after apply)
    }

  # aws_security_group_rule.msk_from_private_tls will be created
  + resource "aws_security_group_rule" "msk_from_private_tls" {
      + cidr_blocks              = [
          + "10.20.32.0/20",
          + "10.20.48.0/20",
        ]
      + description              = "Kafka TLS from private subnets"
      + from_port                = 9094
      + id                       = (known after apply)
      + protocol                 = "tcp"
      + security_group_id        = (known after apply)
      + security_group_rule_id   = (known after apply)
      + self                     = false
      + source_security_group_id = (known after apply)
      + to_port                  = 9094
      + type                     = "ingress"
    }

  # aws_security_group_rule.rds_from_private will be created
  + resource "aws_security_group_rule" "rds_from_private" {
      + cidr_blocks              = [
          + "10.20.32.0/20",
          + "10.20.48.0/20",
        ]
      + description              = "PostgreSQL from private subnets"
      + from_port                = 5432
      + id                       = (known after apply)
      + protocol                 = "tcp"
      + security_group_id        = (known after apply)
      + security_group_rule_id   = (known after apply)
      + self                     = false
      + source_security_group_id = (known after apply)
      + to_port                  = 5432
      + type                     = "ingress"
    }

  # aws_security_group_rule.redshift_from_private will be created
  + resource "aws_security_group_rule" "redshift_from_private" {
      + cidr_blocks              = [
          + "10.20.32.0/20",
          + "10.20.48.0/20",
        ]
      + description              = "Redshift from private subnets"
      + from_port                = 5439
      + id                       = (known after apply)
      + protocol                 = "tcp"
      + security_group_id        = (known after apply)
      + security_group_rule_id   = (known after apply)
      + self                     = false
      + source_security_group_id = (known after apply)
      + to_port                  = 5439
      + type                     = "ingress"
    }

  # aws_vpc_endpoint.s3 will be created
  + resource "aws_vpc_endpoint" "s3" {
      + arn                   = (known after apply)
      + cidr_blocks           = (known after apply)
      + dns_entry             = (known after apply)
      + id                    = (known after apply)
      + ip_address_type       = (known after apply)
      + network_interface_ids = (known after apply)
      + owner_id              = (known after apply)
      + policy                = (known after apply)
      + prefix_list_id        = (known after apply)
      + private_dns_enabled   = (known after apply)
      + requester_managed     = (known after apply)
      + route_table_ids       = (known after apply)
      + security_group_ids    = (known after apply)
      + service_name          = "com.amazonaws.eu-north-1.s3"
      + service_region        = (known after apply)
      + state                 = (known after apply)
      + subnet_ids            = (known after apply)
      + tags                  = {
          + "Environment" = "dev"
          + "Name"        = "clickhouse-challenge-dev-s3-endpoint"
          + "Project"     = "clickhouse-challenge"
        }
      + tags_all              = {
          + "Environment" = "dev"
          + "ManagedBy"   = "terraform"
          + "Name"        = "clickhouse-challenge-dev-s3-endpoint"
          + "Project"     = "clickhouse-challenge"
        }
      + vpc_endpoint_type     = "Gateway"
      + vpc_id                = (known after apply)

      + dns_options (known after apply)

      + subnet_configuration (known after apply)
    }

  # random_id.bucket_suffix will be created
  + resource "random_id" "bucket_suffix" {
      + b64_std     = (known after apply)
      + b64_url     = (known after apply)
      + byte_length = 4
      + dec         = (known after apply)
      + hex         = (known after apply)
      + id          = (known after apply)
    }

  # random_password.db will be created
  + resource "random_password" "db" {
      + bcrypt_hash      = (sensitive value)
      + id               = (known after apply)
      + length           = 24
      + lower            = true
      + min_lower        = 0
      + min_numeric      = 0
      + min_special      = 0
      + min_upper        = 0
      + number           = true
      + numeric          = true
      + override_special = "!#$%&*()-_=+[]{}<>:?"
      + result           = (sensitive value)
      + special          = true
      + upper            = true
    }

  # random_password.redshift will be created
  + resource "random_password" "redshift" {
      + bcrypt_hash      = (sensitive value)
      + id               = (known after apply)
      + length           = 24
      + lower            = true
      + min_lower        = 0
      + min_numeric      = 0
      + min_special      = 0
      + min_upper        = 0
      + number           = true
      + numeric          = true
      + override_special = "!#$%&*()-_=+[]{}<>:?"
      + result           = (sensitive value)
      + special          = true
      + upper            = true
    }

  # module.vpc.aws_default_network_acl.this[0] will be created
  + resource "aws_default_network_acl" "this" {
      + arn                    = (known after apply)
      + default_network_acl_id = (known after apply)
      + id                     = (known after apply)
      + owner_id               = (known after apply)
      + tags                   = {
          + "Environment" = "dev"
          + "Name"        = "clickhouse-challenge-dev-default"
          + "Project"     = "clickhouse-challenge"
        }
      + tags_all               = {
          + "Environment" = "dev"
          + "ManagedBy"   = "terraform"
          + "Name"        = "clickhouse-challenge-dev-default"
          + "Project"     = "clickhouse-challenge"
        }
      + vpc_id                 = (known after apply)

      + egress {
          + action          = "allow"
          + from_port       = 0
          + ipv6_cidr_block = "::/0"
          + protocol        = "-1"
          + rule_no         = 101
          + to_port         = 0
            # (1 unchanged attribute hidden)
        }
      + egress {
          + action          = "allow"
          + cidr_block      = "0.0.0.0/0"
          + from_port       = 0
          + protocol        = "-1"
          + rule_no         = 100
          + to_port         = 0
            # (1 unchanged attribute hidden)
        }

      + ingress {
          + action          = "allow"
          + from_port       = 0
          + ipv6_cidr_block = "::/0"
          + protocol        = "-1"
          + rule_no         = 101
          + to_port         = 0
            # (1 unchanged attribute hidden)
        }
      + ingress {
          + action          = "allow"
          + cidr_block      = "0.0.0.0/0"
          + from_port       = 0
          + protocol        = "-1"
          + rule_no         = 100
          + to_port         = 0
            # (1 unchanged attribute hidden)
        }
    }

  # module.vpc.aws_default_route_table.default[0] will be created
  + resource "aws_default_route_table" "default" {
      + arn                    = (known after apply)
      + default_route_table_id = (known after apply)
      + id                     = (known after apply)
      + owner_id               = (known after apply)
      + route                  = (known after apply)
      + tags                   = {
          + "Environment" = "dev"
          + "Name"        = "clickhouse-challenge-dev-default"
          + "Project"     = "clickhouse-challenge"
        }
      + tags_all               = {
          + "Environment" = "dev"
          + "ManagedBy"   = "terraform"
          + "Name"        = "clickhouse-challenge-dev-default"
          + "Project"     = "clickhouse-challenge"
        }
      + vpc_id                 = (known after apply)

      + timeouts {
          + create = "5m"
          + update = "5m"
        }
    }

  # module.vpc.aws_default_security_group.this[0] will be created
  + resource "aws_default_security_group" "this" {
      + arn                    = (known after apply)
      + description            = (known after apply)
      + egress                 = (known after apply)
      + id                     = (known after apply)
      + ingress                = (known after apply)
      + name                   = (known after apply)
      + name_prefix            = (known after apply)
      + owner_id               = (known after apply)
      + revoke_rules_on_delete = false
      + tags                   = {
          + "Environment" = "dev"
          + "Name"        = "clickhouse-challenge-dev-default"
          + "Project"     = "clickhouse-challenge"
        }
      + tags_all               = {
          + "Environment" = "dev"
          + "ManagedBy"   = "terraform"
          + "Name"        = "clickhouse-challenge-dev-default"
          + "Project"     = "clickhouse-challenge"
        }
      + vpc_id                 = (known after apply)
    }

  # module.vpc.aws_eip.nat[0] will be created
  + resource "aws_eip" "nat" {
      + allocation_id        = (known after apply)
      + arn                  = (known after apply)
      + association_id       = (known after apply)
      + carrier_ip           = (known after apply)
      + customer_owned_ip    = (known after apply)
      + domain               = "vpc"
      + id                   = (known after apply)
      + instance             = (known after apply)
      + ipam_pool_id         = (known after apply)
      + network_border_group = (known after apply)
      + network_interface    = (known after apply)
      + private_dns          = (known after apply)
      + private_ip           = (known after apply)
      + ptr_record           = (known after apply)
      + public_dns           = (known after apply)
      + public_ip            = (known after apply)
      + public_ipv4_pool     = (known after apply)
      + tags                 = {
          + "Environment" = "dev"
          + "Name"        = "clickhouse-challenge-dev-eu-north-1a"
          + "Project"     = "clickhouse-challenge"
        }
      + tags_all             = {
          + "Environment" = "dev"
          + "ManagedBy"   = "terraform"
          + "Name"        = "clickhouse-challenge-dev-eu-north-1a"
          + "Project"     = "clickhouse-challenge"
        }
      + vpc                  = (known after apply)
    }

  # module.vpc.aws_internet_gateway.this[0] will be created
  + resource "aws_internet_gateway" "this" {
      + arn      = (known after apply)
      + id       = (known after apply)
      + owner_id = (known after apply)
      + tags     = {
          + "Environment" = "dev"
          + "Name"        = "clickhouse-challenge-dev"
          + "Project"     = "clickhouse-challenge"
        }
      + tags_all = {
          + "Environment" = "dev"
          + "ManagedBy"   = "terraform"
          + "Name"        = "clickhouse-challenge-dev"
          + "Project"     = "clickhouse-challenge"
        }
      + vpc_id   = (known after apply)
    }

  # module.vpc.aws_nat_gateway.this[0] will be created
  + resource "aws_nat_gateway" "this" {
      + allocation_id                      = (known after apply)
      + association_id                     = (known after apply)
      + connectivity_type                  = "public"
      + id                                 = (known after apply)
      + network_interface_id               = (known after apply)
      + private_ip                         = (known after apply)
      + public_ip                          = (known after apply)
      + secondary_private_ip_address_count = (known after apply)
      + secondary_private_ip_addresses     = (known after apply)
      + subnet_id                          = (known after apply)
      + tags                               = {
          + "Environment" = "dev"
          + "Name"        = "clickhouse-challenge-dev-eu-north-1a"
          + "Project"     = "clickhouse-challenge"
        }
      + tags_all                           = {
          + "Environment" = "dev"
          + "ManagedBy"   = "terraform"
          + "Name"        = "clickhouse-challenge-dev-eu-north-1a"
          + "Project"     = "clickhouse-challenge"
        }
    }

  # module.vpc.aws_route.private_nat_gateway[0] will be created
  + resource "aws_route" "private_nat_gateway" {
      + destination_cidr_block = "0.0.0.0/0"
      + id                     = (known after apply)
      + instance_id            = (known after apply)
      + instance_owner_id      = (known after apply)
      + nat_gateway_id         = (known after apply)
      + network_interface_id   = (known after apply)
      + origin                 = (known after apply)
      + route_table_id         = (known after apply)
      + state                  = (known after apply)

      + timeouts {
          + create = "5m"
        }
    }

  # module.vpc.aws_route.public_internet_gateway[0] will be created
  + resource "aws_route" "public_internet_gateway" {
      + destination_cidr_block = "0.0.0.0/0"
      + gateway_id             = (known after apply)
      + id                     = (known after apply)
      + instance_id            = (known after apply)
      + instance_owner_id      = (known after apply)
      + network_interface_id   = (known after apply)
      + origin                 = (known after apply)
      + route_table_id         = (known after apply)
      + state                  = (known after apply)

      + timeouts {
          + create = "5m"
        }
    }

  # module.vpc.aws_route_table.private[0] will be created
  + resource "aws_route_table" "private" {
      + arn              = (known after apply)
      + id               = (known after apply)
      + owner_id         = (known after apply)
      + propagating_vgws = (known after apply)
      + route            = (known after apply)
      + tags             = {
          + "Environment" = "dev"
          + "Name"        = "clickhouse-challenge-dev-private"
          + "Project"     = "clickhouse-challenge"
        }
      + tags_all         = {
          + "Environment" = "dev"
          + "ManagedBy"   = "terraform"
          + "Name"        = "clickhouse-challenge-dev-private"
          + "Project"     = "clickhouse-challenge"
        }
      + vpc_id           = (known after apply)
    }

  # module.vpc.aws_route_table.public[0] will be created
  + resource "aws_route_table" "public" {
      + arn              = (known after apply)
      + id               = (known after apply)
      + owner_id         = (known after apply)
      + propagating_vgws = (known after apply)
      + route            = (known after apply)
      + tags             = {
          + "Environment" = "dev"
          + "Name"        = "clickhouse-challenge-dev-public"
          + "Project"     = "clickhouse-challenge"
        }
      + tags_all         = {
          + "Environment" = "dev"
          + "ManagedBy"   = "terraform"
          + "Name"        = "clickhouse-challenge-dev-public"
          + "Project"     = "clickhouse-challenge"
        }
      + vpc_id           = (known after apply)
    }

  # module.vpc.aws_route_table_association.private[0] will be created
  + resource "aws_route_table_association" "private" {
      + id             = (known after apply)
      + route_table_id = (known after apply)
      + subnet_id      = (known after apply)
    }

  # module.vpc.aws_route_table_association.private[1] will be created
  + resource "aws_route_table_association" "private" {
      + id             = (known after apply)
      + route_table_id = (known after apply)
      + subnet_id      = (known after apply)
    }

  # module.vpc.aws_route_table_association.public[0] will be created
  + resource "aws_route_table_association" "public" {
      + id             = (known after apply)
      + route_table_id = (known after apply)
      + subnet_id      = (known after apply)
    }

  # module.vpc.aws_route_table_association.public[1] will be created
  + resource "aws_route_table_association" "public" {
      + id             = (known after apply)
      + route_table_id = (known after apply)
      + subnet_id      = (known after apply)
    }

  # module.vpc.aws_subnet.private[0] will be created
  + resource "aws_subnet" "private" {
      + arn                                            = (known after apply)
      + assign_ipv6_address_on_creation                = false
      + availability_zone                              = "eu-north-1a"
      + availability_zone_id                           = (known after apply)
      + cidr_block                                     = "10.20.32.0/20"
      + enable_dns64                                   = false
      + enable_resource_name_dns_a_record_on_launch    = false
      + enable_resource_name_dns_aaaa_record_on_launch = false
      + id                                             = (known after apply)
      + ipv6_cidr_block_association_id                 = (known after apply)
      + ipv6_native                                    = false
      + map_public_ip_on_launch                        = false
      + owner_id                                       = (known after apply)
      + private_dns_hostname_type_on_launch            = (known after apply)
      + tags                                           = {
          + "Environment"                     = "dev"
          + "Name"                            = "clickhouse-challenge-dev-private-eu-north-1a"
          + "Project"                         = "clickhouse-challenge"
          + "kubernetes.io/role/internal-elb" = "1"
        }
      + tags_all                                       = {
          + "Environment"                     = "dev"
          + "ManagedBy"                       = "terraform"
          + "Name"                            = "clickhouse-challenge-dev-private-eu-north-1a"
          + "Project"                         = "clickhouse-challenge"
          + "kubernetes.io/role/internal-elb" = "1"
        }
      + vpc_id                                         = (known after apply)
    }

  # module.vpc.aws_subnet.private[1] will be created
  + resource "aws_subnet" "private" {
      + arn                                            = (known after apply)
      + assign_ipv6_address_on_creation                = false
      + availability_zone                              = "eu-north-1b"
      + availability_zone_id                           = (known after apply)
      + cidr_block                                     = "10.20.48.0/20"
      + enable_dns64                                   = false
      + enable_resource_name_dns_a_record_on_launch    = false
      + enable_resource_name_dns_aaaa_record_on_launch = false
      + id                                             = (known after apply)
      + ipv6_cidr_block_association_id                 = (known after apply)
      + ipv6_native                                    = false
      + map_public_ip_on_launch                        = false
      + owner_id                                       = (known after apply)
      + private_dns_hostname_type_on_launch            = (known after apply)
      + tags                                           = {
          + "Environment"                     = "dev"
          + "Name"                            = "clickhouse-challenge-dev-private-eu-north-1b"
          + "Project"                         = "clickhouse-challenge"
          + "kubernetes.io/role/internal-elb" = "1"
        }
      + tags_all                                       = {
          + "Environment"                     = "dev"
          + "ManagedBy"                       = "terraform"
          + "Name"                            = "clickhouse-challenge-dev-private-eu-north-1b"
          + "Project"                         = "clickhouse-challenge"
          + "kubernetes.io/role/internal-elb" = "1"
        }
      + vpc_id                                         = (known after apply)
    }

  # module.vpc.aws_subnet.public[0] will be created
  + resource "aws_subnet" "public" {
      + arn                                            = (known after apply)
      + assign_ipv6_address_on_creation                = false
      + availability_zone                              = "eu-north-1a"
      + availability_zone_id                           = (known after apply)
      + cidr_block                                     = "10.20.0.0/20"
      + enable_dns64                                   = false
      + enable_resource_name_dns_a_record_on_launch    = false
      + enable_resource_name_dns_aaaa_record_on_launch = false
      + id                                             = (known after apply)
      + ipv6_cidr_block_association_id                 = (known after apply)
      + ipv6_native                                    = false
      + map_public_ip_on_launch                        = false
      + owner_id                                       = (known after apply)
      + private_dns_hostname_type_on_launch            = (known after apply)
      + tags                                           = {
          + "Environment"            = "dev"
          + "Name"                   = "clickhouse-challenge-dev-public-eu-north-1a"
          + "Project"                = "clickhouse-challenge"
          + "kubernetes.io/role/elb" = "1"
        }
      + tags_all                                       = {
          + "Environment"            = "dev"
          + "ManagedBy"              = "terraform"
          + "Name"                   = "clickhouse-challenge-dev-public-eu-north-1a"
          + "Project"                = "clickhouse-challenge"
          + "kubernetes.io/role/elb" = "1"
        }
      + vpc_id                                         = (known after apply)
    }

  # module.vpc.aws_subnet.public[1] will be created
  + resource "aws_subnet" "public" {
      + arn                                            = (known after apply)
      + assign_ipv6_address_on_creation                = false
      + availability_zone                              = "eu-north-1b"
      + availability_zone_id                           = (known after apply)
      + cidr_block                                     = "10.20.16.0/20"
      + enable_dns64                                   = false
      + enable_resource_name_dns_a_record_on_launch    = false
      + enable_resource_name_dns_aaaa_record_on_launch = false
      + id                                             = (known after apply)
      + ipv6_cidr_block_association_id                 = (known after apply)
      + ipv6_native                                    = false
      + map_public_ip_on_launch                        = false
      + owner_id                                       = (known after apply)
      + private_dns_hostname_type_on_launch            = (known after apply)
      + tags                                           = {
          + "Environment"            = "dev"
          + "Name"                   = "clickhouse-challenge-dev-public-eu-north-1b"
          + "Project"                = "clickhouse-challenge"
          + "kubernetes.io/role/elb" = "1"
        }
      + tags_all                                       = {
          + "Environment"            = "dev"
          + "ManagedBy"              = "terraform"
          + "Name"                   = "clickhouse-challenge-dev-public-eu-north-1b"
          + "Project"                = "clickhouse-challenge"
          + "kubernetes.io/role/elb" = "1"
        }
      + vpc_id                                         = (known after apply)
    }

  # module.vpc.aws_vpc.this[0] will be created
  + resource "aws_vpc" "this" {
      + arn                                  = (known after apply)
      + cidr_block                           = "10.20.0.0/16"
      + default_network_acl_id               = (known after apply)
      + default_route_table_id               = (known after apply)
      + default_security_group_id            = (known after apply)
      + dhcp_options_id                      = (known after apply)
      + enable_dns_hostnames                 = true
      + enable_dns_support                   = true
      + enable_network_address_usage_metrics = (known after apply)
      + id                                   = (known after apply)
      + instance_tenancy                     = "default"
      + ipv6_association_id                  = (known after apply)
      + ipv6_cidr_block                      = (known after apply)
      + ipv6_cidr_block_network_border_group = (known after apply)
      + main_route_table_id                  = (known after apply)
      + owner_id                             = (known after apply)
      + tags                                 = {
          + "Environment" = "dev"
          + "Name"        = "clickhouse-challenge-dev"
          + "Project"     = "clickhouse-challenge"
        }
      + tags_all                             = {
          + "Environment" = "dev"
          + "ManagedBy"   = "terraform"
          + "Name"        = "clickhouse-challenge-dev"
          + "Project"     = "clickhouse-challenge"
        }
    }

Plan: 51 to add, 0 to change, 0 to destroy.

Changes to Outputs:
  + firehose_name               = "clickhouse-challenge-dev-raw"
  + msk_bootstrap_brokers_tls   = (known after apply)
  + msk_cluster_arn             = (known after apply)
  + postgres_endpoint           = (known after apply)
  + postgres_port               = (known after apply)
  + postgres_secret_arn         = (known after apply)
  + private_subnet_ids          = [
      + (known after apply),
      + (known after apply),
    ]
  + redshift_secret_arn         = (known after apply)
  + redshift_workgroup_endpoint = (known after apply)
  + s3_data_bucket              = (known after apply)
  + vpc_id                      = (known after apply)
