{"format_version":"1.2","terraform_version":"1.13.5","variables":{"app_name":{"value":"localstack-demo"},"aws_region":{"value":"eu-central-1"},"create_dynamodb_table":{"value":true},"create_s3_bucket":{"value":true},"dynamodb_table_name":{"value":"example-table"},"tags":{"value":{}}},"planned_values":{"outputs":{"dynamodb_table_name":{"sensitive":false,"type":"string","value":"example-table"},"s3_bucket_name":{"sensitive":false,"type":"string","value":"localstack-demo-artifacts"}},"root_module":{"resources":[{"address":"aws_dynamodb_table.example[0]","mode":"managed","type":"aws_dynamodb_table","name":"example","index":0,"provider_name":"registry.terraform.io/hashicorp/aws","schema_version":1,"values":{"attribute":[{"name":"pk","type":"S"}],"billing_mode":"PAY_PER_REQUEST","deletion_protection_enabled":null,"hash_key":"pk","import_table":[],"local_secondary_index":[],"name":"example-table","on_demand_throughput":[],"range_key":null,"region":"eu-central-1","replica":[],"restore_date_time":null,"restore_source_name":null,"restore_source_table_arn":null,"restore_to_latest_time":null,"stream_enabled":null,"table_class":null,"tags":null,"tags_all":{"app":"localstack-demo","managed-by":"terraform"},"timeouts":null},"sensitive_values":{"attribute":[{}],"global_secondary_index":[],"global_table_witness":[],"import_table":[],"local_secondary_index":[],"on_demand_throughput":[],"point_in_time_recovery":[],"replica":[],"server_side_encryption":[],"tags_all":{},"ttl":[],"warm_throughput":[]}},{"address":"aws_s3_bucket.artifacts[0]","mode":"managed","type":"aws_s3_bucket","name":"artifacts","index":0,"provider_name":"registry.terraform.io/hashicorp/aws","schema_version":0,"values":{"bucket":"localstack-demo-artifacts","force_destroy":true,"region":"eu-central-1","tags":null,"tags_all":{"app":"localstack-demo","managed-by":"terraform"},"timeouts":null},"sensitive_values":{"cors_rule":[],"grant":[],"lifecycle_rule":[],"logging":[],"object_lock_configuration":[],"replication_configuration":[],"server_side_encryption_configuration":[],"tags_all":{},"versioning":[],"website":[]},"identity_schema_version":0,"identity":{"account_id":null,"bucket":null,"region":null}}]}},"resource_changes":[{"address":"aws_dynamodb_table.example[0]","mode":"managed","type":"aws_dynamodb_table","name":"example","index":0,"provider_name":"registry.terraform.io/hashicorp/aws","change":{"actions":["create"],"before":null,"after":{"attribute":[{"name":"pk","type":"S"}],"billing_mode":"PAY_PER_REQUEST","deletion_protection_enabled":null,"hash_key":"pk","import_table":[],"local_secondary_index":[],"name":"example-table","on_demand_throughput":[],"range_key":null,"region":"eu-central-1","replica":[],"restore_date_time":null,"restore_source_name":null,"restore_source_table_arn":null,"restore_to_latest_time":null,"stream_enabled":null,"table_class":null,"tags":null,"tags_all":{"app":"localstack-demo","managed-by":"terraform"},"timeouts":null},"after_unknown":{"arn":true,"attribute":[{}],"global_secondary_index":true,"global_table_witness":true,"id":true,"import_table":[],"local_secondary_index":[],"on_demand_throughput":[],"point_in_time_recovery":true,"read_capacity":true,"replica":[],"server_side_encryption":true,"stream_arn":true,"stream_label":true,"stream_view_type":true,"tags_all":{},"ttl":true,"warm_throughput":true,"write_capacity":true},"before_sensitive":false,"after_sensitive":{"attribute":[{}],"global_secondary_index":[],"global_table_witness":[],"import_table":[],"local_secondary_index":[],"on_demand_throughput":[],"point_in_time_recovery":[],"replica":[],"server_side_encryption":[],"tags_all":{},"ttl":[],"warm_throughput":[]}}},{"address":"aws_s3_bucket.artifacts[0]","mode":"managed","type":"aws_s3_bucket","name":"artifacts","index":0,"provider_name":"registry.terraform.io/hashicorp/aws","change":{"actions":["create"],"before":null,"after":{"bucket":"localstack-demo-artifacts","force_destroy":true,"region":"eu-central-1","tags":null,"tags_all":{"app":"localstack-demo","managed-by":"terraform"},"timeouts":null},"after_unknown":{"acceleration_status":true,"acl":true,"arn":true,"bucket_domain_name":true,"bucket_prefix":true,"bucket_region":true,"bucket_regional_domain_name":true,"cors_rule":true,"grant":true,"hosted_zone_id":true,"id":true,"lifecycle_rule":true,"logging":true,"object_lock_configuration":true,"object_lock_enabled":true,"policy":true,"replication_configuration":true,"request_payer":true,"server_side_encryption_configuration":true,"tags_all":{},"versioning":true,"website":true,"website_domain":true,"website_endpoint":true},"before_sensitive":false,"after_sensitive":{"cors_rule":[],"grant":[],"lifecycle_rule":[],"logging":[],"object_lock_configuration":[],"replication_configuration":[],"server_side_encryption_configuration":[],"tags_all":{},"versioning":[],"website":[]},"after_identity":{"account_id":null,"bucket":null,"region":null}}}],"output_changes":{"dynamodb_table_name":{"actions":["create"],"before":null,"after":"example-table","after_unknown":false,"before_sensitive":false,"after_sensitive":false},"s3_bucket_name":{"actions":["create"],"before":null,"after":"localstack-demo-artifacts","after_unknown":false,"before_sensitive":false,"after_sensitive":false}},"prior_state":{"format_version":"1.0","terraform_version":"1.13.5","values":{"outputs":{"dynamodb_table_name":{"sensitive":false,"value":"example-table","type":"string"},"s3_bucket_name":{"sensitive":false,"value":"localstack-demo-artifacts","type":"string"}},"root_module":{}}},"configuration":{"provider_config":{"aws":{"name":"aws","full_name":"registry.terraform.io/hashicorp/aws","version_constraint":"\u003e= 5.0.0","expressions":{"access_key":{"constant_value":"test"},"default_tags":[{"tags":{"references":["var.app_name","var.tags"]}}],"endpoints":[{"apigateway":{"constant_value":"http://localhost:4566"},"cloudwatch":{"constant_value":"http://localhost:4566"},"dynamodb":{"constant_value":"http://localhost:4566"},"ec2":{"constant_value":"http://localhost:4566"},"ecr":{"constant_value":"http://localhost:4566"},"ecs":{"constant_value":"http://localhost:4566"},"elasticloadbalancing":{"constant_value":"http://localhost:4566"},"iam":{"constant_value":"http://localhost:4566"},"kms":{"constant_value":"http://localhost:4566"},"lambda":{"constant_value":"http://localhost:4566"},"logs":{"constant_value":"http://localhost:4566"},"s3":{"constant_value":"http://localhost:4566"},"sns":{"constant_value":"http://localhost:4566"},"sqs":{"constant_value":"http://localhost:4566"},"sts":{"constant_value":"http://localhost:4566"}}],"region":{"references":["var.aws_region"]},"secret_key":{"constant_value":"test"},"skip_credentials_validation":{"constant_value":true},"skip_metadata_api_check":{"constant_value":true},"skip_requesting_account_id":{"constant_value":true}}}},"root_module":{"outputs":{"dynamodb_table_name":{"expression":{"references":["aws_dynamodb_table.example[0].name","aws_dynamodb_table.example[0]","aws_dynamodb_table.example"]},"description":"Name of the created DynamoDB table (if enabled)."},"s3_bucket_name":{"expression":{"references":["aws_s3_bucket.artifacts[0].bucket","aws_s3_bucket.artifacts[0]","aws_s3_bucket.artifacts"]},"description":"Name of the created S3 bucket (if enabled)."}},"resources":[{"address":"aws_dynamodb_table.example","mode":"managed","type":"aws_dynamodb_table","name":"example","provider_config_key":"aws","expressions":{"attribute":[{"name":{"constant_value":"pk"},"type":{"constant_value":"S"}}],"billing_mode":{"constant_value":"PAY_PER_REQUEST"},"hash_key":{"constant_value":"pk"},"name":{"references":["var.dynamodb_table_name"]}},"schema_version":1,"count_expression":{"references":["var.create_dynamodb_table"]}},{"address":"aws_s3_bucket.artifacts","mode":"managed","type":"aws_s3_bucket","name":"artifacts","provider_config_key":"aws","expressions":{"bucket":{"references":["local.name_prefix"]},"force_destroy":{"constant_value":true}},"schema_version":0,"count_expression":{"references":["var.create_s3_bucket"]}}],"variables":{"app_name":{"default":"localstack-demo","description":"Name prefix for created resources."},"aws_region":{"default":"eu-central-1","description":"AWS region to target. For LocalStack, this is typically any valid region (e.g., eu-central-1)."},"create_dynamodb_table":{"default":true,"description":"Whether to create a DynamoDB table (useful for testing LocalStack DynamoDB + dynamodb-admin)."},"create_s3_bucket":{"default":true,"description":"Whether to create an S3 bucket (useful as a simple artifact bucket in LocalStack)."},"dynamodb_table_name":{"default":"example-table","description":"DynamoDB table name."},"tags":{"default":{},"description":"Common tags to apply to resources."}}}},"relevant_attributes":[{"resource":"aws_dynamodb_table.example[0]","attribute":["name"]},{"resource":"aws_s3_bucket.artifacts[0]","attribute":["bucket"]}],"timestamp":"2026-01-25T18:22:57Z","applyable":true,"complete":true,"errored":false}
