
Terraform used the selected providers to generate the following execution
plan. Resource actions are indicated with the following symbols:
  + create

Terraform will perform the following actions:

  # aws_alb.hello_world_alb will be created
  + resource "aws_alb" "hello_world_alb" {
      + arn                                                          = (known after apply)
      + arn_suffix                                                   = (known after apply)
      + client_keep_alive                                            = 3600
      + desync_mitigation_mode                                       = "defensive"
      + dns_name                                                     = (known after apply)
      + drop_invalid_header_fields                                   = false
      + enable_deletion_protection                                   = false
      + enable_http2                                                 = true
      + enable_tls_version_and_cipher_suite_headers                  = false
      + enable_waf_fail_open                                         = false
      + enable_xff_client_port                                       = false
      + enable_zonal_shift                                           = false
      + enforce_security_group_inbound_rules_on_private_link_traffic = (known after apply)
      + id                                                           = (known after apply)
      + idle_timeout                                                 = 60
      + internal                                                     = false
      + ip_address_type                                              = (known after apply)
      + load_balancer_type                                           = "application"
      + name                                                         = "hello-world-alb"
      + name_prefix                                                  = (known after apply)
      + preserve_host_header                                         = false
      + region                                                       = "us-east-1"
      + secondary_ips_auto_assigned_per_subnet                       = (known after apply)
      + security_groups                                              = (known after apply)
      + subnets                                                      = (known after apply)
      + tags_all                                                     = (known after apply)
      + vpc_id                                                       = (known after apply)
      + xff_header_processing_mode                                   = "append"
      + zone_id                                                      = (known after apply)

      + subnet_mapping (known after apply)
    }

  # aws_alb_listener.hello_world_listener will be created
  + resource "aws_alb_listener" "hello_world_listener" {
      + arn                                                                   = (known after apply)
      + id                                                                    = (known after apply)
      + load_balancer_arn                                                     = (known after apply)
      + port                                                                  = 80
      + protocol                                                              = "HTTP"
      + region                                                                = "us-east-1"
      + routing_http_request_x_amzn_mtls_clientcert_header_name               = (known after apply)
      + routing_http_request_x_amzn_mtls_clientcert_issuer_header_name        = (known after apply)
      + routing_http_request_x_amzn_mtls_clientcert_leaf_header_name          = (known after apply)
      + routing_http_request_x_amzn_mtls_clientcert_serial_number_header_name = (known after apply)
      + routing_http_request_x_amzn_mtls_clientcert_subject_header_name       = (known after apply)
      + routing_http_request_x_amzn_mtls_clientcert_validity_header_name      = (known after apply)
      + routing_http_request_x_amzn_tls_cipher_suite_header_name              = (known after apply)
      + routing_http_request_x_amzn_tls_version_header_name                   = (known after apply)
      + routing_http_response_access_control_allow_credentials_header_value   = (known after apply)
      + routing_http_response_access_control_allow_headers_header_value       = (known after apply)
      + routing_http_response_access_control_allow_methods_header_value       = (known after apply)
      + routing_http_response_access_control_allow_origin_header_value        = (known after apply)
      + routing_http_response_access_control_expose_headers_header_value      = (known after apply)
      + routing_http_response_access_control_max_age_header_value             = (known after apply)
      + routing_http_response_content_security_policy_header_value            = (known after apply)
      + routing_http_response_server_enabled                                  = (known after apply)
      + routing_http_response_strict_transport_security_header_value          = (known after apply)
      + routing_http_response_x_content_type_options_header_value             = (known after apply)
      + routing_http_response_x_frame_options_header_value                    = (known after apply)
      + ssl_policy                                                            = (known after apply)
      + tags_all                                                              = (known after apply)
      + tcp_idle_timeout_seconds                                              = (known after apply)

      + default_action {
          + order            = (known after apply)
          + target_group_arn = (known after apply)
          + type             = "forward"
        }

      + mutual_authentication (known after apply)
    }

  # aws_alb_target_group.hello_world_tg will be created
  + resource "aws_alb_target_group" "hello_world_tg" {
      + arn                                = (known after apply)
      + arn_suffix                         = (known after apply)
      + connection_termination             = (known after apply)
      + deregistration_delay               = "300"
      + id                                 = (known after apply)
      + ip_address_type                    = (known after apply)
      + lambda_multi_value_headers_enabled = false
      + load_balancer_arns                 = (known after apply)
      + load_balancing_algorithm_type      = (known after apply)
      + load_balancing_anomaly_mitigation  = (known after apply)
      + load_balancing_cross_zone_enabled  = (known after apply)
      + name                               = "hello-world-tg"
      + name_prefix                        = (known after apply)
      + port                               = 3000
      + preserve_client_ip                 = (known after apply)
      + protocol                           = "HTTP"
      + protocol_version                   = (known after apply)
      + proxy_protocol_v2                  = false
      + region                             = "us-east-1"
      + slow_start                         = 0
      + tags_all                           = (known after apply)
      + target_type                        = "instance"
      + vpc_id                             = "vpc-033725f7f6cd801a7"

      + health_check (known after apply)

      + stickiness (known after apply)

      + target_failover (known after apply)

      + target_group_health (known after apply)

      + target_health_state (known after apply)
    }

  # aws_ecr_repository.hello_world_repo will be created
  + resource "aws_ecr_repository" "hello_world_repo" {
      + arn                  = (known after apply)
      + id                   = (known after apply)
      + image_tag_mutability = "MUTABLE"
      + name                 = "hello-world-repo"
      + region               = "us-east-1"
      + registry_id          = (known after apply)
      + repository_url       = (known after apply)
      + tags_all             = (known after apply)
    }

  # aws_ecs_cluster.hello_world_cluster will be created
  + resource "aws_ecs_cluster" "hello_world_cluster" {
      + arn      = (known after apply)
      + id       = (known after apply)
      + name     = "hello-world-cluster"
      + region   = "us-east-1"
      + tags_all = (known after apply)

      + setting (known after apply)
    }

  # aws_ecs_service.hello_world_service will be created
  + resource "aws_ecs_service" "hello_world_service" {
      + arn                                = (known after apply)
      + availability_zone_rebalancing      = (known after apply)
      + cluster                            = (known after apply)
      + deployment_maximum_percent         = 200
      + deployment_minimum_healthy_percent = 100
      + desired_count                      = 1
      + enable_ecs_managed_tags            = false
      + enable_execute_command             = false
      + iam_role                           = (known after apply)
      + id                                 = (known after apply)
      + launch_type                        = (known after apply)
      + name                               = "hello-world-service"
      + platform_version                   = (known after apply)
      + region                             = "us-east-1"
      + scheduling_strategy                = "REPLICA"
      + tags_all                           = (known after apply)
      + task_definition                    = (known after apply)
      + triggers                           = (known after apply)
      + wait_for_steady_state              = false

      + deployment_configuration (known after apply)

      + load_balancer {
          + container_name   = "hello-world"
          + container_port   = 3000
          + target_group_arn = (known after apply)
            # (1 unchanged attribute hidden)
        }

      + network_configuration {
          + assign_public_ip = true
        }
    }

  # aws_ecs_task_definition.hello_world_task will be created
  + resource "aws_ecs_task_definition" "hello_world_task" {
      + arn                      = (known after apply)
      + arn_without_revision     = (known after apply)
      + container_definitions    = (known after apply)
      + cpu                      = "256"
      + enable_fault_injection   = (known after apply)
      + execution_role_arn       = (known after apply)
      + family                   = "hello-world-task"
      + id                       = (known after apply)
      + memory                   = "512"
      + network_mode             = "awsvpc"
      + region                   = "us-east-1"
      + requires_compatibilities = [
          + "FARGATE",
        ]
      + revision                 = (known after apply)
      + skip_destroy             = false
      + tags_all                 = (known after apply)
      + track_latest             = false
    }

  # aws_iam_role.ecs_task_execution_role will be created
  + resource "aws_iam_role" "ecs_task_execution_role" {
      + arn                   = (known after apply)
      + assume_role_policy    = jsonencode(
            {
              + Statement = [
                  + {
                      + Action    = "sts:AssumeRole"
                      + Effect    = "Allow"
                      + Principal = {
                          + Service = "ecs-tasks.amazonaws.com"
                        }
                    },
                ]
              + Version   = "2012-10-17"
            }
        )
      + create_date           = (known after apply)
      + force_detach_policies = false
      + id                    = (known after apply)
      + managed_policy_arns   = [
          + "arn:aws:iam::aws:policy/service-role/AmazonECSTaskExecutionRolePolicy",
        ]
      + max_session_duration  = 3600
      + name                  = "ecsTaskExecutionRole"
      + name_prefix           = (known after apply)
      + path                  = "/"
      + tags_all              = (known after apply)
      + unique_id             = (known after apply)

      + inline_policy (known after apply)
    }

Plan: 8 to add, 0 to change, 0 to destroy.

Changes to Outputs:
  + alb_dns_name = (known after apply)
aws_ecs_cluster.hello_world_cluster: Creating...
aws_ecr_repository.hello_world_repo: Creating...
aws_iam_role.ecs_task_execution_role: Creating...
aws_alb_target_group.hello_world_tg: Creating...
aws_alb.hello_world_alb: Creating...
aws_iam_role.ecs_task_execution_role: Creation complete after 1s [id=ecsTaskExecutionRole]
aws_ecr_repository.hello_world_repo: Creation complete after 2s [id=hello-world-repo]
aws_ecs_task_definition.hello_world_task: Creating...
aws_ecs_task_definition.hello_world_task: Creation complete after 0s [id=hello-world-task]
aws_ecs_cluster.hello_world_cluster: Still creating... [00m10s elapsed]
aws_ecs_cluster.hello_world_cluster: Creation complete after 11s [id=arn:aws:ecs:us-east-1:000000000000:cluster/hello-world-cluster]

Warning: Argument is deprecated

  with aws_iam_role.ecs_task_execution_role,
  on main.tf line 29, in resource "aws_iam_role" "ecs_task_execution_role":
  29:   managed_policy_arns = [
  30:     "arn:aws:iam::aws:policy/service-role/AmazonECSTaskExecutionRolePolicy"
  31:   ]

managed_policy_arns is deprecated. Use the aws_iam_role_policy_attachment
resource instead. If Terraform should exclusively manage all managed policy
attachments (the current behavior of this argument), use the
aws_iam_role_policy_attachments_exclusive resource as well.

(and 2 more similar warnings elsewhere)
