{
  "version": 4,
  "terraform_version": "1.13.5",
  "serial": 1,
  "lineage": "dfb6c1b2-8428-f2cf-dbb6-e75244292acf",
  "outputs": {
    "aws_region": {
      "value": "us-east-1",
      "type": "string"
    }
  },
  "resources": [
    {
      "mode": "managed",
      "type": "random_id",
      "name": "suffix",
      "provider": "provider[\"registry.terraform.io/hashicorp/random\"]",
      "instances": [
        {
          "schema_version": 0,
          "attributes": {
            "b64_std": "rV3MwQ==",
            "b64_url": "rV3MwQ",
            "byte_length": 4,
            "dec": "2908605633",
            "hex": "ad5dccc1",
            "id": "rV3MwQ",
            "keepers": null,
            "prefix": null
          },
          "sensitive_attributes": [],
          "identity_schema_version": 0
        }
      ]
    }
  ],
  "check_results": null
}
