{"format_version":"1.2","terraform_version":"1.13.5","variables":{"trusted_cidr_blocks":{"value":[]},"vpc_id":{"value":"vpc-00000000"}},"planned_values":{"outputs":{"client":{"sensitive":false},"server":{"sensitive":false}},"root_module":{"resources":[{"address":"aws_security_group.client","mode":"managed","type":"aws_security_group","name":"client","provider_name":"registry.terraform.io/hashicorp/aws","schema_version":1,"values":{"description":"Security group for IPA clients","revoke_rules_on_delete":false,"tags":null,"timeouts":null,"vpc_id":"vpc-00000000"},"sensitive_values":{"egress":[],"ingress":[],"tags_all":{}}},{"address":"aws_security_group.server","mode":"managed","type":"aws_security_group","name":"server","provider_name":"registry.terraform.io/hashicorp/aws","schema_version":1,"values":{"description":"Security group for IPA servers","revoke_rules_on_delete":false,"tags":null,"timeouts":null,"vpc_id":"vpc-00000000"},"sensitive_values":{"egress":[],"ingress":[],"tags_all":{}}},{"address":"aws_security_group_rule.client_egress[\"http\"]","mode":"managed","type":"aws_security_group_rule","name":"client_egress","index":"http","provider_name":"registry.terraform.io/hashicorp/aws","schema_version":2,"values":{"cidr_blocks":null,"description":null,"from_port":80,"ipv6_cidr_blocks":null,"prefix_list_ids":null,"protocol":"tcp","self":false,"timeouts":null,"to_port":80,"type":"egress"},"sensitive_values":{}},{"address":"aws_security_group_rule.client_egress[\"https\"]","mode":"managed","type":"aws_security_group_rule","name":"client_egress","index":"https","provider_name":"registry.terraform.io/hashicorp/aws","schema_version":2,"values":{"cidr_blocks":null,"description":null,"from_port":443,"ipv6_cidr_blocks":null,"prefix_list_ids":null,"protocol":"tcp","self":false,"timeouts":null,"to_port":443,"type":"egress"},"sensitive_values":{}},{"address":"aws_security_group_rule.client_egress[\"kinit_tcp\"]","mode":"managed","type":"aws_security_group_rule","name":"client_egress","index":"kinit_tcp","provider_name":"registry.terraform.io/hashicorp/aws","schema_version":2,"values":{"cidr_blocks":null,"description":null,"from_port":88,"ipv6_cidr_blocks":null,"prefix_list_ids":null,"protocol":"tcp","self":false,"timeouts":null,"to_port":88,"type":"egress"},"sensitive_values":{}},{"address":"aws_security_group_rule.client_egress[\"kinit_udp\"]","mode":"managed","type":"aws_security_group_rule","name":"client_egress","index":"kinit_udp","provider_name":"registry.terraform.io/hashicorp/aws","schema_version":2,"values":{"cidr_blocks":null,"description":null,"from_port":88,"ipv6_cidr_blocks":null,"prefix_list_ids":null,"protocol":"udp","self":false,"timeouts":null,"to_port":88,"type":"egress"},"sensitive_values":{}},{"address":"aws_security_group_rule.client_egress[\"kpasswd_tcp\"]","mode":"managed","type":"aws_security_group_rule","name":"client_egress","index":"kpasswd_tcp","provider_name":"registry.terraform.io/hashicorp/aws","schema_version":2,"values":{"cidr_blocks":null,"description":null,"from_port":464,"ipv6_cidr_blocks":null,"prefix_list_ids":null,"protocol":"tcp","self":false,"timeouts":null,"to_port":464,"type":"egress"},"sensitive_values":{}},{"address":"aws_security_group_rule.client_egress[\"kpasswd_udp\"]","mode":"managed","type":"aws_security_group_rule","name":"client_egress","index":"kpasswd_udp","provider_name":"registry.terraform.io/hashicorp/aws","schema_version":2,"values":{"cidr_blocks":null,"description":null,"from_port":464,"ipv6_cidr_blocks":null,"prefix_list_ids":null,"protocol":"udp","self":false,"timeouts":null,"to_port":464,"type":"egress"},"sensitive_values":{}},{"address":"aws_security_group_rule.client_egress[\"ldap\"]","mode":"managed","type":"aws_security_group_rule","name":"client_egress","index":"ldap","provider_name":"registry.terraform.io/hashicorp/aws","schema_version":2,"values":{"cidr_blocks":null,"description":null,"from_port":389,"ipv6_cidr_blocks":null,"prefix_list_ids":null,"protocol":"tcp","self":false,"timeouts":null,"to_port":389,"type":"egress"},"sensitive_values":{}},{"address":"aws_security_group_rule.client_egress[\"ldaps\"]","mode":"managed","type":"aws_security_group_rule","name":"client_egress","index":"ldaps","provider_name":"registry.terraform.io/hashicorp/aws","schema_version":2,"values":{"cidr_blocks":null,"description":null,"from_port":636,"ipv6_cidr_blocks":null,"prefix_list_ids":null,"protocol":"tcp","self":false,"timeouts":null,"to_port":636,"type":"egress"},"sensitive_values":{}},{"address":"aws_security_group_rule.server_egress_self[\"http\"]","mode":"managed","type":"aws_security_group_rule","name":"server_egress_self","index":"http","provider_name":"registry.terraform.io/hashicorp/aws","schema_version":2,"values":{"cidr_blocks":null,"description":null,"from_port":80,"ipv6_cidr_blocks":null,"prefix_list_ids":null,"protocol":"tcp","self":true,"timeouts":null,"to_port":80,"type":"egress"},"sensitive_values":{}},{"address":"aws_security_group_rule.server_egress_self[\"https\"]","mode":"managed","type":"aws_security_group_rule","name":"server_egress_self","index":"https","provider_name":"registry.terraform.io/hashicorp/aws","schema_version":2,"values":{"cidr_blocks":null,"description":null,"from_port":443,"ipv6_cidr_blocks":null,"prefix_list_ids":null,"protocol":"tcp","self":true,"timeouts":null,"to_port":443,"type":"egress"},"sensitive_values":{}},{"address":"aws_security_group_rule.server_egress_self[\"kinit_tcp\"]","mode":"managed","type":"aws_security_group_rule","name":"server_egress_self","index":"kinit_tcp","provider_name":"registry.terraform.io/hashicorp/aws","schema_version":2,"values":{"cidr_blocks":null,"description":null,"from_port":88,"ipv6_cidr_blocks":null,"prefix_list_ids":null,"protocol":"tcp","self":true,"timeouts":null,"to_port":88,"type":"egress"},"sensitive_values":{}},{"address":"aws_security_group_rule.server_egress_self[\"kinit_udp\"]","mode":"managed","type":"aws_security_group_rule","name":"server_egress_self","index":"kinit_udp","provider_name":"registry.terraform.io/hashicorp/aws","schema_version":2,"values":{"cidr_blocks":null,"description":null,"from_port":88,"ipv6_cidr_blocks":null,"prefix_list_ids":null,"protocol":"udp","self":true,"timeouts":null,"to_port":88,"type":"egress"},"sensitive_values":{}},{"address":"aws_security_group_rule.server_egress_self[\"kpasswd_tcp\"]","mode":"managed","type":"aws_security_group_rule","name":"server_egress_self","index":"kpasswd_tcp","provider_name":"registry.terraform.io/hashicorp/aws","schema_version":2,"values":{"cidr_blocks":null,"description":null,"from_port":464,"ipv6_cidr_blocks":null,"prefix_list_ids":null,"protocol":"tcp","self":true,"timeouts":null,"to_port":464,"type":"egress"},"sensitive_values":{}},{"address":"aws_security_group_rule.server_egress_self[\"kpasswd_udp\"]","mode":"managed","type":"aws_security_group_rule","name":"server_egress_self","index":"kpasswd_udp","provider_name":"registry.terraform.io/hashicorp/aws","schema_version":2,"values":{"cidr_blocks":null,"description":null,"from_port":464,"ipv6_cidr_blocks":null,"prefix_list_ids":null,"protocol":"udp","self":true,"timeouts":null,"to_port":464,"type":"egress"},"sensitive_values":{}},{"address":"aws_security_group_rule.server_egress_self[\"ldap\"]","mode":"managed","type":"aws_security_group_rule","name":"server_egress_self","index":"ldap","provider_name":"registry.terraform.io/hashicorp/aws","schema_version":2,"values":{"cidr_blocks":null,"description":null,"from_port":389,"ipv6_cidr_blocks":null,"prefix_list_ids":null,"protocol":"tcp","self":true,"timeouts":null,"to_port":389,"type":"egress"},"sensitive_values":{}},{"address":"aws_security_group_rule.server_egress_self[\"ldaps\"]","mode":"managed","type":"aws_security_group_rule","name":"server_egress_self","index":"ldaps","provider_name":"registry.terraform.io/hashicorp/aws","schema_version":2,"values":{"cidr_blocks":null,"description":null,"from_port":636,"ipv6_cidr_blocks":null,"prefix_list_ids":null,"protocol":"tcp","self":true,"timeouts":null,"to_port":636,"type":"egress"},"sensitive_values":{}},{"address":"aws_security_group_rule.server_http_egress","mode":"managed","type":"aws_security_group_rule","name":"server_http_egress","provider_name":"registry.terraform.io/hashicorp/aws","schema_version":2,"values":{"cidr_blocks":["0.0.0.0/0"],"description":null,"from_port":80,"ipv6_cidr_blocks":null,"prefix_list_ids":null,"protocol":"tcp","self":false,"timeouts":null,"to_port":80,"type":"egress"},"sensitive_values":{"cidr_blocks":[false]}},{"address":"aws_security_group_rule.server_https_egress","mode":"managed","type":"aws_security_group_rule","name":"server_https_egress","provider_name":"registry.terraform.io/hashicorp/aws","schema_version":2,"values":{"cidr_blocks":["0.0.0.0/0"],"description":null,"from_port":443,"ipv6_cidr_blocks":null,"prefix_list_ids":null,"protocol":"tcp","self":false,"timeouts":null,"to_port":443,"type":"egress"},"sensitive_values":{"cidr_blocks":[false]}},{"address":"aws_security_group_rule.server_ingress_clients[\"http\"]","mode":"managed","type":"aws_security_group_rule","name":"server_ingress_clients","index":"http","provider_name":"registry.terraform.io/hashicorp/aws","schema_version":2,"values":{"cidr_blocks":null,"description":null,"from_port":80,"ipv6_cidr_blocks":null,"prefix_list_ids":null,"protocol":"tcp","self":false,"timeouts":null,"to_port":80,"type":"ingress"},"sensitive_values":{}},{"address":"aws_security_group_rule.server_ingress_clients[\"https\"]","mode":"managed","type":"aws_security_group_rule","name":"server_ingress_clients","index":"https","provider_name":"registry.terraform.io/hashicorp/aws","schema_version":2,"values":{"cidr_blocks":null,"description":null,"from_port":443,"ipv6_cidr_blocks":null,"prefix_list_ids":null,"protocol":"tcp","self":false,"timeouts":null,"to_port":443,"type":"ingress"},"sensitive_values":{}},{"address":"aws_security_group_rule.server_ingress_clients[\"kinit_tcp\"]","mode":"managed","type":"aws_security_group_rule","name":"server_ingress_clients","index":"kinit_tcp","provider_name":"registry.terraform.io/hashicorp/aws","schema_version":2,"values":{"cidr_blocks":null,"description":null,"from_port":88,"ipv6_cidr_blocks":null,"prefix_list_ids":null,"protocol":"tcp","self":false,"timeouts":null,"to_port":88,"type":"ingress"},"sensitive_values":{}},{"address":"aws_security_group_rule.server_ingress_clients[\"kinit_udp\"]","mode":"managed","type":"aws_security_group_rule","name":"server_ingress_clients","index":"kinit_udp","provider_name":"registry.terraform.io/hashicorp/aws","schema_version":2,"values":{"cidr_blocks":null,"description":null,"from_port":88,"ipv6_cidr_blocks":null,"prefix_list_ids":null,"protocol":"udp","self":false,"timeouts":null,"to_port":88,"type":"ingress"},"sensitive_values":{}},{"address":"aws_security_group_rule.server_ingress_clients[\"kpasswd_tcp\"]","mode":"managed","type":"aws_security_group_rule","name":"server_ingress_clients","index":"kpasswd_tcp","provider_name":"registry.terraform.io/hashicorp/aws","schema_version":2,"values":{"cidr_blocks":null,"description":null,"from_port":464,"ipv6_cidr_blocks":null,"prefix_list_ids":null,"protocol":"tcp","self":false,"timeouts":null,"to_port":464,"type":"ingress"},"sensitive_values":{}},{"address":"aws_security_group_rule.server_ingress_clients[\"kpasswd_udp\"]","mode":"managed","type":"aws_security_group_rule","name":"server_ingress_clients","index":"kpasswd_udp","provider_name":"registry.terraform.io/hashicorp/aws","schema_version":2,"values":{"cidr_blocks":null,"description":null,"from_port":464,"ipv6_cidr_blocks":null,"prefix_list_ids":null,"protocol":"udp","self":false,"timeouts":null,"to_port":464,"type":"ingress"},"sensitive_values":{}},{"address":"aws_security_group_rule.server_ingress_clients[\"ldap\"]","mode":"managed","type":"aws_security_group_rule","name":"server_ingress_clients","index":"ldap","provider_name":"registry.terraform.io/hashicorp/aws","schema_version":2,"values":{"cidr_blocks":null,"description":null,"from_port":389,"ipv6_cidr_blocks":null,"prefix_list_ids":null,"protocol":"tcp","self":false,"timeouts":null,"to_port":389,"type":"ingress"},"sensitive_values":{}},{"address":"aws_security_group_rule.server_ingress_clients[\"ldaps\"]","mode":"managed","type":"aws_security_group_rule","name":"server_ingress_clients","index":"ldaps","provider_name":"registry.terraform.io/hashicorp/aws","schema_version":2,"values":{"cidr_blocks":null,"description":null,"from_port":636,"ipv6_cidr_blocks":null,"prefix_list_ids":null,"protocol":"tcp","self":false,"timeouts":null,"to_port":636,"type":"ingress"},"sensitive_values":{}},{"address":"aws_security_group_rule.server_ingress_self[\"http\"]","mode":"managed","type":"aws_security_group_rule","name":"server_ingress_self","index":"http","provider_name":"registry.terraform.io/hashicorp/aws","schema_version":2,"values":{"cidr_blocks":null,"description":null,"from_port":80,"ipv6_cidr_blocks":null,"prefix_list_ids":null,"protocol":"tcp","self":true,"timeouts":null,"to_port":80,"type":"ingress"},"sensitive_values":{}},{"address":"aws_security_group_rule.server_ingress_self[\"https\"]","mode":"managed","type":"aws_security_group_rule","name":"server_ingress_self","index":"https","provider_name":"registry.terraform.io/hashicorp/aws","schema_version":2,"values":{"cidr_blocks":null,"description":null,"from_port":443,"ipv6_cidr_blocks":null,"prefix_list_ids":null,"protocol":"tcp","self":true,"timeouts":null,"to_port":443,"type":"ingress"},"sensitive_values":{}},{"address":"aws_security_group_rule.server_ingress_self[\"kinit_tcp\"]","mode":"managed","type":"aws_security_group_rule","name":"server_ingress_self","index":"kinit_tcp","provider_name":"registry.terraform.io/hashicorp/aws","schema_version":2,"values":{"cidr_blocks":null,"description":null,"from_port":88,"ipv6_cidr_blocks":null,"prefix_list_ids":null,"protocol":"tcp","self":true,"timeouts":null,"to_port":88,"type":"ingress"},"sensitive_values":{}},{"address":"aws_security_group_rule.server_ingress_self[\"kinit_udp\"]","mode":"managed","type":"aws_security_group_rule","name":"server_ingress_self","index":"kinit_udp","provider_name":"registry.terraform.io/hashicorp/aws","schema_version":2,"values":{"cidr_blocks":null,"description":null,"from_port":88,"ipv6_cidr_blocks":null,"prefix_list_ids":null,"protocol":"udp","self":true,"timeouts":null,"to_port":88,"type":"ingress"},"sensitive_values":{}},{"address":"aws_security_group_rule.server_ingress_self[\"kpasswd_tcp\"]","mode":"managed","type":"aws_security_group_rule","name":"server_ingress_self","index":"kpasswd_tcp","provider_name":"registry.terraform.io/hashicorp/aws","schema_version":2,"values":{"cidr_blocks":null,"description":null,"from_port":464,"ipv6_cidr_blocks":null,"prefix_list_ids":null,"protocol":"tcp","self":true,"timeouts":null,"to_port":464,"type":"ingress"},"sensitive_values":{}},{"address":"aws_security_group_rule.server_ingress_self[\"kpasswd_udp\"]","mode":"managed","type":"aws_security_group_rule","name":"server_ingress_self","index":"kpasswd_udp","provider_name":"registry.terraform.io/hashicorp/aws","schema_version":2,"values":{"cidr_blocks":null,"description":null,"from_port":464,"ipv6_cidr_blocks":null,"prefix_list_ids":null,"protocol":"udp","self":true,"timeouts":null,"to_port":464,"type":"ingress"},"sensitive_values":{}},{"address":"aws_security_group_rule.server_ingress_self[\"ldap\"]","mode":"managed","type":"aws_security_group_rule","name":"server_ingress_self","index":"ldap","provider_name":"registry.terraform.io/hashicorp/aws","schema_version":2,"values":{"cidr_blocks":null,"description":null,"from_port":389,"ipv6_cidr_blocks":null,"prefix_list_ids":null,"protocol":"tcp","self":true,"timeouts":null,"to_port":389,"type":"ingress"},"sensitive_values":{}},{"address":"aws_security_group_rule.server_ingress_self[\"ldaps\"]","mode":"managed","type":"aws_security_group_rule","name":"server_ingress_self","index":"ldaps","provider_name":"registry.terraform.io/hashicorp/aws","schema_version":2,"values":{"cidr_blocks":null,"description":null,"from_port":636,"ipv6_cidr_blocks":null,"prefix_list_ids":null,"protocol":"tcp","self":true,"timeouts":null,"to_port":636,"type":"ingress"},"sensitive_values":{}},{"address":"aws_security_group_rule.server_ingress_trusted[\"http\"]","mode":"managed","type":"aws_security_group_rule","name":"server_ingress_trusted","index":"http","provider_name":"registry.terraform.io/hashicorp/aws","schema_version":2,"values":{"cidr_blocks":[],"description":null,"from_port":80,"ipv6_cidr_blocks":null,"prefix_list_ids":null,"protocol":"tcp","self":false,"timeouts":null,"to_port":80,"type":"ingress"},"sensitive_values":{"cidr_blocks":[]}},{"address":"aws_security_group_rule.server_ingress_trusted[\"https\"]","mode":"managed","type":"aws_security_group_rule","name":"server_ingress_trusted","index":"https","provider_name":"registry.terraform.io/hashicorp/aws","schema_version":2,"values":{"cidr_blocks":[],"description":null,"from_port":443,"ipv6_cidr_blocks":null,"prefix_list_ids":null,"protocol":"tcp","self":false,"timeouts":null,"to_port":443,"type":"ingress"},"sensitive_values":{"cidr_blocks":[]}},{"address":"aws_security_group_rule.server_ingress_trusted[\"kinit_tcp\"]","mode":"managed","type":"aws_security_group_rule","name":"server_ingress_trusted","index":"kinit_tcp","provider_name":"registry.terraform.io/hashicorp/aws","schema_version":2,"values":{"cidr_blocks":[],"description":null,"from_port":88,"ipv6_cidr_blocks":null,"prefix_list_ids":null,"protocol":"tcp","self":false,"timeouts":null,"to_port":88,"type":"ingress"},"sensitive_values":{"cidr_blocks":[]}},{"address":"aws_security_group_rule.server_ingress_trusted[\"kinit_udp\"]","mode":"managed","type":"aws_security_group_rule","name":"server_ingress_trusted","index":"kinit_udp","provider_name":"registry.terraform.io/hashicorp/aws","schema_version":2,"values":{"cidr_blocks":[],"description":null,"from_port":88,"ipv6_cidr_blocks":null,"prefix_list_ids":null,"protocol":"udp","self":false,"timeouts":null,"to_port":88,"type":"ingress"},"sensitive_values":{"cidr_blocks":[]}},{"address":"aws_security_group_rule.server_ingress_trusted[\"kpasswd_tcp\"]","mode":"managed","type":"aws_security_group_rule","name":"server_ingress_trusted","index":"kpasswd_tcp","provider_name":"registry.terraform.io/hashicorp/aws","schema_version":2,"values":{"cidr_blocks":[],"description":null,"from_port":464,"ipv6_cidr_blocks":null,"prefix_list_ids":null,"protocol":"tcp","self":false,"timeouts":null,"to_port":464,"type":"ingress"},"sensitive_values":{"cidr_blocks":[]}},{"address":"aws_security_group_rule.server_ingress_trusted[\"kpasswd_udp\"]","mode":"managed","type":"aws_security_group_rule","name":"server_ingress_trusted","index":"kpasswd_udp","provider_name":"registry.terraform.io/hashicorp/aws","schema_version":2,"values":{"cidr_blocks":[],"description":null,"from_port":464,"ipv6_cidr_blocks":null,"prefix_list_ids":null,"protocol":"udp","self":false,"timeouts":null,"to_port":464,"type":"ingress"},"sensitive_values":{"cidr_blocks":[]}},{"address":"aws_security_group_rule.server_ingress_trusted[\"ldap\"]","mode":"managed","type":"aws_security_group_rule","name":"server_ingress_trusted","index":"ldap","provider_name":"registry.terraform.io/hashicorp/aws","schema_version":2,"values":{"cidr_blocks":[],"description":null,"from_port":389,"ipv6_cidr_blocks":null,"prefix_list_ids":null,"protocol":"tcp","self":false,"timeouts":null,"to_port":389,"type":"ingress"},"sensitive_values":{"cidr_blocks":[]}},{"address":"aws_security_group_rule.server_ingress_trusted[\"ldaps\"]","mode":"managed","type":"aws_security_group_rule","name":"server_ingress_trusted","index":"ldaps","provider_name":"registry.terraform.io/hashicorp/aws","schema_version":2,"values":{"cidr_blocks":[],"description":null,"from_port":636,"ipv6_cidr_blocks":null,"prefix_list_ids":null,"protocol":"tcp","self":false,"timeouts":null,"to_port":636,"type":"ingress"},"sensitive_values":{"cidr_blocks":[]}}]}},"resource_changes":[{"address":"aws_security_group.client","mode":"managed","type":"aws_security_group","name":"client","provider_name":"registry.terraform.io/hashicorp/aws","change":{"actions":["create"],"before":null,"after":{"description":"Security group for IPA clients","revoke_rules_on_delete":false,"tags":null,"timeouts":null,"vpc_id":"vpc-00000000"},"after_unknown":{"arn":true,"egress":true,"id":true,"ingress":true,"name":true,"name_prefix":true,"owner_id":true,"tags_all":true},"before_sensitive":false,"after_sensitive":{"egress":[],"ingress":[],"tags_all":{}}}},{"address":"aws_security_group.server","mode":"managed","type":"aws_security_group","name":"server","provider_name":"registry.terraform.io/hashicorp/aws","change":{"actions":["create"],"before":null,"after":{"description":"Security group for IPA servers","revoke_rules_on_delete":false,"tags":null,"timeouts":null,"vpc_id":"vpc-00000000"},"after_unknown":{"arn":true,"egress":true,"id":true,"ingress":true,"name":true,"name_prefix":true,"owner_id":true,"tags_all":true},"before_sensitive":false,"after_sensitive":{"egress":[],"ingress":[],"tags_all":{}}}},{"address":"aws_security_group_rule.client_egress[\"http\"]","mode":"managed","type":"aws_security_group_rule","name":"client_egress","index":"http","provider_name":"registry.terraform.io/hashicorp/aws","change":{"actions":["create"],"before":null,"after":{"cidr_blocks":null,"description":null,"from_port":80,"ipv6_cidr_blocks":null,"prefix_list_ids":null,"protocol":"tcp","self":false,"timeouts":null,"to_port":80,"type":"egress"},"after_unknown":{"id":true,"security_group_id":true,"security_group_rule_id":true,"source_security_group_id":true},"before_sensitive":false,"after_sensitive":{}}},{"address":"aws_security_group_rule.client_egress[\"https\"]","mode":"managed","type":"aws_security_group_rule","name":"client_egress","index":"https","provider_name":"registry.terraform.io/hashicorp/aws","change":{"actions":["create"],"before":null,"after":{"cidr_blocks":null,"description":null,"from_port":443,"ipv6_cidr_blocks":null,"prefix_list_ids":null,"protocol":"tcp","self":false,"timeouts":null,"to_port":443,"type":"egress"},"after_unknown":{"id":true,"security_group_id":true,"security_group_rule_id":true,"source_security_group_id":true},"before_sensitive":false,"after_sensitive":{}}},{"address":"aws_security_group_rule.client_egress[\"kinit_tcp\"]","mode":"managed","type":"aws_security_group_rule","name":"client_egress","index":"kinit_tcp","provider_name":"registry.terraform.io/hashicorp/aws","change":{"actions":["create"],"before":null,"after":{"cidr_blocks":null,"description":null,"from_port":88,"ipv6_cidr_blocks":null,"prefix_list_ids":null,"protocol":"tcp","self":false,"timeouts":null,"to_port":88,"type":"egress"},"after_unknown":{"id":true,"security_group_id":true,"security_group_rule_id":true,"source_security_group_id":true},"before_sensitive":false,"after_sensitive":{}}},{"address":"aws_security_group_rule.client_egress[\"kinit_udp\"]","mode":"managed","type":"aws_security_group_rule","name":"client_egress","index":"kinit_udp","provider_name":"registry.terraform.io/hashicorp/aws","change":{"actions":["create"],"before":null,"after":{"cidr_blocks":null,"description":null,"from_port":88,"ipv6_cidr_blocks":null,"prefix_list_ids":null,"protocol":"udp","self":false,"timeouts":null,"to_port":88,"type":"egress"},"after_unknown":{"id":true,"security_group_id":true,"security_group_rule_id":true,"source_security_group_id":true},"before_sensitive":false,"after_sensitive":{}}},{"address":"aws_security_group_rule.client_egress[\"kpasswd_tcp\"]","mode":"managed","type":"aws_security_group_rule","name":"client_egress","index":"kpasswd_tcp","provider_name":"registry.terraform.io/hashicorp/aws","change":{"actions":["create"],"before":null,"after":{"cidr_blocks":null,"description":null,"from_port":464,"ipv6_cidr_blocks":null,"prefix_list_ids":null,"protocol":"tcp","self":false,"timeouts":null,"to_port":464,"type":"egress"},"after_unknown":{"id":true,"security_group_id":true,"security_group_rule_id":true,"source_security_group_id":true},"before_sensitive":false,"after_sensitive":{}}},{"address":"aws_security_group_rule.client_egress[\"kpasswd_udp\"]","mode":"managed","type":"aws_security_group_rule","name":"client_egress","index":"kpasswd_udp","provider_name":"registry.terraform.io/hashicorp/aws","change":{"actions":["create"],"before":null,"after":{"cidr_blocks":null,"description":null,"from_port":464,"ipv6_cidr_blocks":null,"prefix_list_ids":null,"protocol":"udp","self":false,"timeouts":null,"to_port":464,"type":"egress"},"after_unknown":{"id":true,"security_group_id":true,"security_group_rule_id":true,"source_security_group_id":true},"before_sensitive":false,"after_sensitive":{}}},{"address":"aws_security_group_rule.client_egress[\"ldap\"]","mode":"managed","type":"aws_security_group_rule","name":"client_egress","index":"ldap","provider_name":"registry.terraform.io/hashicorp/aws","change":{"actions":["create"],"before":null,"after":{"cidr_blocks":null,"description":null,"from_port":389,"ipv6_cidr_blocks":null,"prefix_list_ids":null,"protocol":"tcp","self":false,"timeouts":null,"to_port":389,"type":"egress"},"after_unknown":{"id":true,"security_group_id":true,"security_group_rule_id":true,"source_security_group_id":true},"before_sensitive":false,"after_sensitive":{}}},{"address":"aws_security_group_rule.client_egress[\"ldaps\"]","mode":"managed","type":"aws_security_group_rule","name":"client_egress","index":"ldaps","provider_name":"registry.terraform.io/hashicorp/aws","change":{"actions":["create"],"before":null,"after":{"cidr_blocks":null,"description":null,"from_port":636,"ipv6_cidr_blocks":null,"prefix_list_ids":null,"protocol":"tcp","self":false,"timeouts":null,"to_port":636,"type":"egress"},"after_unknown":{"id":true,"security_group_id":true,"security_group_rule_id":true,"source_security_group_id":true},"before_sensitive":false,"after_sensitive":{}}},{"address":"aws_security_group_rule.server_egress_self[\"http\"]","mode":"managed","type":"aws_security_group_rule","name":"server_egress_self","index":"http","provider_name":"registry.terraform.io/hashicorp/aws","change":{"actions":["create"],"before":null,"after":{"cidr_blocks":null,"description":null,"from_port":80,"ipv6_cidr_blocks":null,"prefix_list_ids":null,"protocol":"tcp","self":true,"timeouts":null,"to_port":80,"type":"egress"},"after_unknown":{"id":true,"security_group_id":true,"security_group_rule_id":true,"source_security_group_id":true},"before_sensitive":false,"after_sensitive":{}}},{"address":"aws_security_group_rule.server_egress_self[\"https\"]","mode":"managed","type":"aws_security_group_rule","name":"server_egress_self","index":"https","provider_name":"registry.terraform.io/hashicorp/aws","change":{"actions":["create"],"before":null,"after":{"cidr_blocks":null,"description":null,"from_port":443,"ipv6_cidr_blocks":null,"prefix_list_ids":null,"protocol":"tcp","self":true,"timeouts":null,"to_port":443,"type":"egress"},"after_unknown":{"id":true,"security_group_id":true,"security_group_rule_id":true,"source_security_group_id":true},"before_sensitive":false,"after_sensitive":{}}},{"address":"aws_security_group_rule.server_egress_self[\"kinit_tcp\"]","mode":"managed","type":"aws_security_group_rule","name":"server_egress_self","index":"kinit_tcp","provider_name":"registry.terraform.io/hashicorp/aws","change":{"actions":["create"],"before":null,"after":{"cidr_blocks":null,"description":null,"from_port":88,"ipv6_cidr_blocks":null,"prefix_list_ids":null,"protocol":"tcp","self":true,"timeouts":null,"to_port":88,"type":"egress"},"after_unknown":{"id":true,"security_group_id":true,"security_group_rule_id":true,"source_security_group_id":true},"before_sensitive":false,"after_sensitive":{}}},{"address":"aws_security_group_rule.server_egress_self[\"kinit_udp\"]","mode":"managed","type":"aws_security_group_rule","name":"server_egress_self","index":"kinit_udp","provider_name":"registry.terraform.io/hashicorp/aws","change":{"actions":["create"],"before":null,"after":{"cidr_blocks":null,"description":null,"from_port":88,"ipv6_cidr_blocks":null,"prefix_list_ids":null,"protocol":"udp","self":true,"timeouts":null,"to_port":88,"type":"egress"},"after_unknown":{"id":true,"security_group_id":true,"security_group_rule_id":true,"source_security_group_id":true},"before_sensitive":false,"after_sensitive":{}}},{"address":"aws_security_group_rule.server_egress_self[\"kpasswd_tcp\"]","mode":"managed","type":"aws_security_group_rule","name":"server_egress_self","index":"kpasswd_tcp","provider_name":"registry.terraform.io/hashicorp/aws","change":{"actions":["create"],"before":null,"after":{"cidr_blocks":null,"description":null,"from_port":464,"ipv6_cidr_blocks":null,"prefix_list_ids":null,"protocol":"tcp","self":true,"timeouts":null,"to_port":464,"type":"egress"},"after_unknown":{"id":true,"security_group_id":true,"security_group_rule_id":true,"source_security_group_id":true},"before_sensitive":false,"after_sensitive":{}}},{"address":"aws_security_group_rule.server_egress_self[\"kpasswd_udp\"]","mode":"managed","type":"aws_security_group_rule","name":"server_egress_self","index":"kpasswd_udp","provider_name":"registry.terraform.io/hashicorp/aws","change":{"actions":["create"],"before":null,"after":{"cidr_blocks":null,"description":null,"from_port":464,"ipv6_cidr_blocks":null,"prefix_list_ids":null,"protocol":"udp","self":true,"timeouts":null,"to_port":464,"type":"egress"},"after_unknown":{"id":true,"security_group_id":true,"security_group_rule_id":true,"source_security_group_id":true},"before_sensitive":false,"after_sensitive":{}}},{"address":"aws_security_group_rule.server_egress_self[\"ldap\"]","mode":"managed","type":"aws_security_group_rule","name":"server_egress_self","index":"ldap","provider_name":"registry.terraform.io/hashicorp/aws","change":{"actions":["create"],"before":null,"after":{"cidr_blocks":null,"description":null,"from_port":389,"ipv6_cidr_blocks":null,"prefix_list_ids":null,"protocol":"tcp","self":true,"timeouts":null,"to_port":389,"type":"egress"},"after_unknown":{"id":true,"security_group_id":true,"security_group_rule_id":true,"source_security_group_id":true},"before_sensitive":false,"after_sensitive":{}}},{"address":"aws_security_group_rule.server_egress_self[\"ldaps\"]","mode":"managed","type":"aws_security_group_rule","name":"server_egress_self","index":"ldaps","provider_name":"registry.terraform.io/hashicorp/aws","change":{"actions":["create"],"before":null,"after":{"cidr_blocks":null,"description":null,"from_port":636,"ipv6_cidr_blocks":null,"prefix_list_ids":null,"protocol":"tcp","self":true,"timeouts":null,"to_port":636,"type":"egress"},"after_unknown":{"id":true,"security_group_id":true,"security_group_rule_id":true,"source_security_group_id":true},"before_sensitive":false,"after_sensitive":{}}},{"address":"aws_security_group_rule.server_http_egress","mode":"managed","type":"aws_security_group_rule","name":"server_http_egress","provider_name":"registry.terraform.io/hashicorp/aws","change":{"actions":["create"],"before":null,"after":{"cidr_blocks":["0.0.0.0/0"],"description":null,"from_port":80,"ipv6_cidr_blocks":null,"prefix_list_ids":null,"protocol":"tcp","self":false,"timeouts":null,"to_port":80,"type":"egress"},"after_unknown":{"cidr_blocks":[false],"id":true,"security_group_id":true,"security_group_rule_id":true,"source_security_group_id":true},"before_sensitive":false,"after_sensitive":{"cidr_blocks":[false]}}},{"address":"aws_security_group_rule.server_https_egress","mode":"managed","type":"aws_security_group_rule","name":"server_https_egress","provider_name":"registry.terraform.io/hashicorp/aws","change":{"actions":["create"],"before":null,"after":{"cidr_blocks":["0.0.0.0/0"],"description":null,"from_port":443,"ipv6_cidr_blocks":null,"prefix_list_ids":null,"protocol":"tcp","self":false,"timeouts":null,"to_port":443,"type":"egress"},"after_unknown":{"cidr_blocks":[false],"id":true,"security_group_id":true,"security_group_rule_id":true,"source_security_group_id":true},"before_sensitive":false,"after_sensitive":{"cidr_blocks":[false]}}},{"address":"aws_security_group_rule.server_ingress_clients[\"http\"]","mode":"managed","type":"aws_security_group_rule","name":"server_ingress_clients","index":"http","provider_name":"registry.terraform.io/hashicorp/aws","change":{"actions":["create"],"before":null,"after":{"cidr_blocks":null,"description":null,"from_port":80,"ipv6_cidr_blocks":null,"prefix_list_ids":null,"protocol":"tcp","self":false,"timeouts":null,"to_port":80,"type":"ingress"},"after_unknown":{"id":true,"security_group_id":true,"security_group_rule_id":true,"source_security_group_id":true},"before_sensitive":false,"after_sensitive":{}}},{"address":"aws_security_group_rule.server_ingress_clients[\"https\"]","mode":"managed","type":"aws_security_group_rule","name":"server_ingress_clients","index":"https","provider_name":"registry.terraform.io/hashicorp/aws","change":{"actions":["create"],"before":null,"after":{"cidr_blocks":null,"description":null,"from_port":443,"ipv6_cidr_blocks":null,"prefix_list_ids":null,"protocol":"tcp","self":false,"timeouts":null,"to_port":443,"type":"ingress"},"after_unknown":{"id":true,"security_group_id":true,"security_group_rule_id":true,"source_security_group_id":true},"before_sensitive":false,"after_sensitive":{}}},{"address":"aws_security_group_rule.server_ingress_clients[\"kinit_tcp\"]","mode":"managed","type":"aws_security_group_rule","name":"server_ingress_clients","index":"kinit_tcp","provider_name":"registry.terraform.io/hashicorp/aws","change":{"actions":["create"],"before":null,"after":{"cidr_blocks":null,"description":null,"from_port":88,"ipv6_cidr_blocks":null,"prefix_list_ids":null,"protocol":"tcp","self":false,"timeouts":null,"to_port":88,"type":"ingress"},"after_unknown":{"id":true,"security_group_id":true,"security_group_rule_id":true,"source_security_group_id":true},"before_sensitive":false,"after_sensitive":{}}},{"address":"aws_security_group_rule.server_ingress_clients[\"kinit_udp\"]","mode":"managed","type":"aws_security_group_rule","name":"server_ingress_clients","index":"kinit_udp","provider_name":"registry.terraform.io/hashicorp/aws","change":{"actions":["create"],"before":null,"after":{"cidr_blocks":null,"description":null,"from_port":88,"ipv6_cidr_blocks":null,"prefix_list_ids":null,"protocol":"udp","self":false,"timeouts":null,"to_port":88,"type":"ingress"},"after_unknown":{"id":true,"security_group_id":true,"security_group_rule_id":true,"source_security_group_id":true},"before_sensitive":false,"after_sensitive":{}}},{"address":"aws_security_group_rule.server_ingress_clients[\"kpasswd_tcp\"]","mode":"managed","type":"aws_security_group_rule","name":"server_ingress_clients","index":"kpasswd_tcp","provider_name":"registry.terraform.io/hashicorp/aws","change":{"actions":["create"],"before":null,"after":{"cidr_blocks":null,"description":null,"from_port":464,"ipv6_cidr_blocks":null,"prefix_list_ids":null,"protocol":"tcp","self":false,"timeouts":null,"to_port":464,"type":"ingress"},"after_unknown":{"id":true,"security_group_id":true,"security_group_rule_id":true,"source_security_group_id":true},"before_sensitive":false,"after_sensitive":{}}},{"address":"aws_security_group_rule.server_ingress_clients[\"kpasswd_udp\"]","mode":"managed","type":"aws_security_group_rule","name":"server_ingress_clients","index":"kpasswd_udp","provider_name":"registry.terraform.io/hashicorp/aws","change":{"actions":["create"],"before":null,"after":{"cidr_blocks":null,"description":null,"from_port":464,"ipv6_cidr_blocks":null,"prefix_list_ids":null,"protocol":"udp","self":false,"timeouts":null,"to_port":464,"type":"ingress"},"after_unknown":{"id":true,"security_group_id":true,"security_group_rule_id":true,"source_security_group_id":true},"before_sensitive":false,"after_sensitive":{}}},{"address":"aws_security_group_rule.server_ingress_clients[\"ldap\"]","mode":"managed","type":"aws_security_group_rule","name":"server_ingress_clients","index":"ldap","provider_name":"registry.terraform.io/hashicorp/aws","change":{"actions":["create"],"before":null,"after":{"cidr_blocks":null,"description":null,"from_port":389,"ipv6_cidr_blocks":null,"prefix_list_ids":null,"protocol":"tcp","self":false,"timeouts":null,"to_port":389,"type":"ingress"},"after_unknown":{"id":true,"security_group_id":true,"security_group_rule_id":true,"source_security_group_id":true},"before_sensitive":false,"after_sensitive":{}}},{"address":"aws_security_group_rule.server_ingress_clients[\"ldaps\"]","mode":"managed","type":"aws_security_group_rule","name":"server_ingress_clients","index":"ldaps","provider_name":"registry.terraform.io/hashicorp/aws","change":{"actions":["create"],"before":null,"after":{"cidr_blocks":null,"description":null,"from_port":636,"ipv6_cidr_blocks":null,"prefix_list_ids":null,"protocol":"tcp","self":false,"timeouts":null,"to_port":636,"type":"ingress"},"after_unknown":{"id":true,"security_group_id":true,"security_group_rule_id":true,"source_security_group_id":true},"before_sensitive":false,"after_sensitive":{}}},{"address":"aws_security_group_rule.server_ingress_self[\"http\"]","mode":"managed","type":"aws_security_group_rule","name":"server_ingress_self","index":"http","provider_name":"registry.terraform.io/hashicorp/aws","change":{"actions":["create"],"before":null,"after":{"cidr_blocks":null,"description":null,"from_port":80,"ipv6_cidr_blocks":null,"prefix_list_ids":null,"protocol":"tcp","self":true,"timeouts":null,"to_port":80,"type":"ingress"},"after_unknown":{"id":true,"security_group_id":true,"security_group_rule_id":true,"source_security_group_id":true},"before_sensitive":false,"after_sensitive":{}}},{"address":"aws_security_group_rule.server_ingress_self[\"https\"]","mode":"managed","type":"aws_security_group_rule","name":"server_ingress_self","index":"https","provider_name":"registry.terraform.io/hashicorp/aws","change":{"actions":["create"],"before":null,"after":{"cidr_blocks":null,"description":null,"from_port":443,"ipv6_cidr_blocks":null,"prefix_list_ids":null,"protocol":"tcp","self":true,"timeouts":null,"to_port":443,"type":"ingress"},"after_unknown":{"id":true,"security_group_id":true,"security_group_rule_id":true,"source_security_group_id":true},"before_sensitive":false,"after_sensitive":{}}},{"address":"aws_security_group_rule.server_ingress_self[\"kinit_tcp\"]","mode":"managed","type":"aws_security_group_rule","name":"server_ingress_self","index":"kinit_tcp","provider_name":"registry.terraform.io/hashicorp/aws","change":{"actions":["create"],"before":null,"after":{"cidr_blocks":null,"description":null,"from_port":88,"ipv6_cidr_blocks":null,"prefix_list_ids":null,"protocol":"tcp","self":true,"timeouts":null,"to_port":88,"type":"ingress"},"after_unknown":{"id":true,"security_group_id":true,"security_group_rule_id":true,"source_security_group_id":true},"before_sensitive":false,"after_sensitive":{}}},{"address":"aws_security_group_rule.server_ingress_self[\"kinit_udp\"]","mode":"managed","type":"aws_security_group_rule","name":"server_ingress_self","index":"kinit_udp","provider_name":"registry.terraform.io/hashicorp/aws","change":{"actions":["create"],"before":null,"after":{"cidr_blocks":null,"description":null,"from_port":88,"ipv6_cidr_blocks":null,"prefix_list_ids":null,"protocol":"udp","self":true,"timeouts":null,"to_port":88,"type":"ingress"},"after_unknown":{"id":true,"security_group_id":true,"security_group_rule_id":true,"source_security_group_id":true},"before_sensitive":false,"after_sensitive":{}}},{"address":"aws_security_group_rule.server_ingress_self[\"kpasswd_tcp\"]","mode":"managed","type":"aws_security_group_rule","name":"server_ingress_self","index":"kpasswd_tcp","provider_name":"registry.terraform.io/hashicorp/aws","change":{"actions":["create"],"before":null,"after":{"cidr_blocks":null,"description":null,"from_port":464,"ipv6_cidr_blocks":null,"prefix_list_ids":null,"protocol":"tcp","self":true,"timeouts":null,"to_port":464,"type":"ingress"},"after_unknown":{"id":true,"security_group_id":true,"security_group_rule_id":true,"source_security_group_id":true},"before_sensitive":false,"after_sensitive":{}}},{"address":"aws_security_group_rule.server_ingress_self[\"kpasswd_udp\"]","mode":"managed","type":"aws_security_group_rule","name":"server_ingress_self","index":"kpasswd_udp","provider_name":"registry.terraform.io/hashicorp/aws","change":{"actions":["create"],"before":null,"after":{"cidr_blocks":null,"description":null,"from_port":464,"ipv6_cidr_blocks":null,"prefix_list_ids":null,"protocol":"udp","self":true,"timeouts":null,"to_port":464,"type":"ingress"},"after_unknown":{"id":true,"security_group_id":true,"security_group_rule_id":true,"source_security_group_id":true},"before_sensitive":false,"after_sensitive":{}}},{"address":"aws_security_group_rule.server_ingress_self[\"ldap\"]","mode":"managed","type":"aws_security_group_rule","name":"server_ingress_self","index":"ldap","provider_name":"registry.terraform.io/hashicorp/aws","change":{"actions":["create"],"before":null,"after":{"cidr_blocks":null,"description":null,"from_port":389,"ipv6_cidr_blocks":null,"prefix_list_ids":null,"protocol":"tcp","self":true,"timeouts":null,"to_port":389,"type":"ingress"},"after_unknown":{"id":true,"security_group_id":true,"security_group_rule_id":true,"source_security_group_id":true},"before_sensitive":false,"after_sensitive":{}}},{"address":"aws_security_group_rule.server_ingress_self[\"ldaps\"]","mode":"managed","type":"aws_security_group_rule","name":"server_ingress_self","index":"ldaps","provider_name":"registry.terraform.io/hashicorp/aws","change":{"actions":["create"],"before":null,"after":{"cidr_blocks":null,"description":null,"from_port":636,"ipv6_cidr_blocks":null,"prefix_list_ids":null,"protocol":"tcp","self":true,"timeouts":null,"to_port":636,"type":"ingress"},"after_unknown":{"id":true,"security_group_id":true,"security_group_rule_id":true,"source_security_group_id":true},"before_sensitive":false,"after_sensitive":{}}},{"address":"aws_security_group_rule.server_ingress_trusted[\"http\"]","mode":"managed","type":"aws_security_group_rule","name":"server_ingress_trusted","index":"http","provider_name":"registry.terraform.io/hashicorp/aws","change":{"actions":["create"],"before":null,"after":{"cidr_blocks":[],"description":null,"from_port":80,"ipv6_cidr_blocks":null,"prefix_list_ids":null,"protocol":"tcp","self":false,"timeouts":null,"to_port":80,"type":"ingress"},"after_unknown":{"cidr_blocks":[],"id":true,"security_group_id":true,"security_group_rule_id":true,"source_security_group_id":true},"before_sensitive":false,"after_sensitive":{"cidr_blocks":[]}}},{"address":"aws_security_group_rule.server_ingress_trusted[\"https\"]","mode":"managed","type":"aws_security_group_rule","name":"server_ingress_trusted","index":"https","provider_name":"registry.terraform.io/hashicorp/aws","change":{"actions":["create"],"before":null,"after":{"cidr_blocks":[],"description":null,"from_port":443,"ipv6_cidr_blocks":null,"prefix_list_ids":null,"protocol":"tcp","self":false,"timeouts":null,"to_port":443,"type":"ingress"},"after_unknown":{"cidr_blocks":[],"id":true,"security_group_id":true,"security_group_rule_id":true,"source_security_group_id":true},"before_sensitive":false,"after_sensitive":{"cidr_blocks":[]}}},{"address":"aws_security_group_rule.server_ingress_trusted[\"kinit_tcp\"]","mode":"managed","type":"aws_security_group_rule","name":"server_ingress_trusted","index":"kinit_tcp","provider_name":"registry.terraform.io/hashicorp/aws","change":{"actions":["create"],"before":null,"after":{"cidr_blocks":[],"description":null,"from_port":88,"ipv6_cidr_blocks":null,"prefix_list_ids":null,"protocol":"tcp","self":false,"timeouts":null,"to_port":88,"type":"ingress"},"after_unknown":{"cidr_blocks":[],"id":true,"security_group_id":true,"security_group_rule_id":true,"source_security_group_id":true},"before_sensitive":false,"after_sensitive":{"cidr_blocks":[]}}},{"address":"aws_security_group_rule.server_ingress_trusted[\"kinit_udp\"]","mode":"managed","type":"aws_security_group_rule","name":"server_ingress_trusted","index":"kinit_udp","provider_name":"registry.terraform.io/hashicorp/aws","change":{"actions":["create"],"before":null,"after":{"cidr_blocks":[],"description":null,"from_port":88,"ipv6_cidr_blocks":null,"prefix_list_ids":null,"protocol":"udp","self":false,"timeouts":null,"to_port":88,"type":"ingress"},"after_unknown":{"cidr_blocks":[],"id":true,"security_group_id":true,"security_group_rule_id":true,"source_security_group_id":true},"before_sensitive":false,"after_sensitive":{"cidr_blocks":[]}}},{"address":"aws_security_group_rule.server_ingress_trusted[\"kpasswd_tcp\"]","mode":"managed","type":"aws_security_group_rule","name":"server_ingress_trusted","index":"kpasswd_tcp","provider_name":"registry.terraform.io/hashicorp/aws","change":{"actions":["create"],"before":null,"after":{"cidr_blocks":[],"description":null,"from_port":464,"ipv6_cidr_blocks":null,"prefix_list_ids":null,"protocol":"tcp","self":false,"timeouts":null,"to_port":464,"type":"ingress"},"after_unknown":{"cidr_blocks":[],"id":true,"security_group_id":true,"security_group_rule_id":true,"source_security_group_id":true},"before_sensitive":false,"after_sensitive":{"cidr_blocks":[]}}},{"address":"aws_security_group_rule.server_ingress_trusted[\"kpasswd_udp\"]","mode":"managed","type":"aws_security_group_rule","name":"server_ingress_trusted","index":"kpasswd_udp","provider_name":"registry.terraform.io/hashicorp/aws","change":{"actions":["create"],"before":null,"after":{"cidr_blocks":[],"description":null,"from_port":464,"ipv6_cidr_blocks":null,"prefix_list_ids":null,"protocol":"udp","self":false,"timeouts":null,"to_port":464,"type":"ingress"},"after_unknown":{"cidr_blocks":[],"id":true,"security_group_id":true,"security_group_rule_id":true,"source_security_group_id":true},"before_sensitive":false,"after_sensitive":{"cidr_blocks":[]}}},{"address":"aws_security_group_rule.server_ingress_trusted[\"ldap\"]","mode":"managed","type":"aws_security_group_rule","name":"server_ingress_trusted","index":"ldap","provider_name":"registry.terraform.io/hashicorp/aws","change":{"actions":["create"],"before":null,"after":{"cidr_blocks":[],"description":null,"from_port":389,"ipv6_cidr_blocks":null,"prefix_list_ids":null,"protocol":"tcp","self":false,"timeouts":null,"to_port":389,"type":"ingress"},"after_unknown":{"cidr_blocks":[],"id":true,"security_group_id":true,"security_group_rule_id":true,"source_security_group_id":true},"before_sensitive":false,"after_sensitive":{"cidr_blocks":[]}}},{"address":"aws_security_group_rule.server_ingress_trusted[\"ldaps\"]","mode":"managed","type":"aws_security_group_rule","name":"server_ingress_trusted","index":"ldaps","provider_name":"registry.terraform.io/hashicorp/aws","change":{"actions":["create"],"before":null,"after":{"cidr_blocks":[],"description":null,"from_port":636,"ipv6_cidr_blocks":null,"prefix_list_ids":null,"protocol":"tcp","self":false,"timeouts":null,"to_port":636,"type":"ingress"},"after_unknown":{"cidr_blocks":[],"id":true,"security_group_id":true,"security_group_rule_id":true,"source_security_group_id":true},"before_sensitive":false,"after_sensitive":{"cidr_blocks":[]}}}],"output_changes":{"client":{"actions":["create"],"before":null,"after":{"description":"Security group for IPA clients","revoke_rules_on_delete":false,"tags":null,"timeouts":null,"vpc_id":"vpc-00000000"},"after_unknown":{"arn":true,"egress":true,"id":true,"ingress":true,"name":true,"name_prefix":true,"owner_id":true,"tags_all":true},"before_sensitive":false,"after_sensitive":false},"server":{"actions":["create"],"before":null,"after":{"description":"Security group for IPA servers","revoke_rules_on_delete":false,"tags":null,"timeouts":null,"vpc_id":"vpc-00000000"},"after_unknown":{"arn":true,"egress":true,"id":true,"ingress":true,"name":true,"name_prefix":true,"owner_id":true,"tags_all":true},"before_sensitive":false,"after_sensitive":false}},"configuration":{"provider_config":{"aws":{"name":"aws","full_name":"registry.terraform.io/hashicorp/aws","version_constraint":"~\u003e 4.9","expressions":{"access_key":{"constant_value":"mock"},"endpoints":[{"apigateway":{"constant_value":"http://localhost:4566"},"apigatewayv2":{"constant_value":"http://localhost:4566"},"cloudwatch":{"constant_value":"http://localhost:4566"},"cloudwatchevents":{"constant_value":"http://localhost:4566"},"dynamodb":{"constant_value":"http://localhost:4566"},"ec2":{"constant_value":"http://localhost:4566"},"ecr":{"constant_value":"http://localhost:4566"},"ecrpublic":{"constant_value":"http://localhost:4566"},"ecs":{"constant_value":"http://localhost:4566"},"efs":{"constant_value":"http://localhost:4566"},"iam":{"constant_value":"http://localhost:4566"},"kinesis":{"constant_value":"http://localhost:4566"},"kms":{"constant_value":"http://localhost:4566"},"lambda":{"constant_value":"http://localhost:4566"},"logs":{"constant_value":"http://localhost:4566"},"route53":{"constant_value":"http://localhost:4566"},"s3":{"constant_value":"http://localhost:4566"},"s3control":{"constant_value":"http://localhost:4566"},"secretsmanager":{"constant_value":"http://localhost:4566"},"sns":{"constant_value":"http://localhost:4566"},"sqs":{"constant_value":"http://localhost:4566"},"ssm":{"constant_value":"http://localhost:4566"},"sts":{"constant_value":"http://localhost:4566"}}],"region":{"constant_value":"us-east-1"},"s3_use_path_style":{"constant_value":true},"secret_key":{"constant_value":"mock"},"skip_credentials_validation":{"constant_value":true},"skip_metadata_api_check":{"constant_value":true},"skip_region_validation":{"constant_value":true},"skip_requesting_account_id":{"constant_value":true}}}},"root_module":{"outputs":{"client":{"expression":{"references":["aws_security_group.client"]},"description":"The IPA client security group."},"server":{"expression":{"references":["aws_security_group.server"]},"description":"The IPA server security group."}},"resources":[{"address":"aws_security_group.client","mode":"managed","type":"aws_security_group","name":"client","provider_config_key":"aws","expressions":{"description":{"constant_value":"Security group for IPA clients"},"vpc_id":{"references":["var.vpc_id"]}},"schema_version":1},{"address":"aws_security_group.server","mode":"managed","type":"aws_security_group","name":"server","provider_config_key":"aws","expressions":{"description":{"constant_value":"Security group for IPA servers"},"vpc_id":{"references":["var.vpc_id"]}},"schema_version":1},{"address":"aws_security_group_rule.client_egress","mode":"managed","type":"aws_security_group_rule","name":"client_egress","provider_config_key":"aws","expressions":{"from_port":{"references":["each.value.port","each.value"]},"protocol":{"references":["each.value.proto","each.value"]},"security_group_id":{"references":["aws_security_group.client.id","aws_security_group.client"]},"source_security_group_id":{"references":["aws_security_group.server.id","aws_security_group.server"]},"to_port":{"references":["each.value.port","each.value"]},"type":{"constant_value":"egress"}},"schema_version":2,"for_each_expression":{"references":["local.ipa_ports"]}},{"address":"aws_security_group_rule.server_egress_self","mode":"managed","type":"aws_security_group_rule","name":"server_egress_self","provider_config_key":"aws","expressions":{"from_port":{"references":["each.value.port","each.value"]},"protocol":{"references":["each.value.proto","each.value"]},"security_group_id":{"references":["aws_security_group.server.id","aws_security_group.server"]},"self":{"constant_value":true},"to_port":{"references":["each.value.port","each.value"]},"type":{"constant_value":"egress"}},"schema_version":2,"for_each_expression":{"references":["local.ipa_ports"]}},{"address":"aws_security_group_rule.server_http_egress","mode":"managed","type":"aws_security_group_rule","name":"server_http_egress","provider_config_key":"aws","expressions":{"cidr_blocks":{"constant_value":["0.0.0.0/0"]},"from_port":{"constant_value":80},"protocol":{"constant_value":"tcp"},"security_group_id":{"references":["aws_security_group.server.id","aws_security_group.server"]},"to_port":{"constant_value":80},"type":{"constant_value":"egress"}},"schema_version":2},{"address":"aws_security_group_rule.server_https_egress","mode":"managed","type":"aws_security_group_rule","name":"server_https_egress","provider_config_key":"aws","expressions":{"cidr_blocks":{"constant_value":["0.0.0.0/0"]},"from_port":{"constant_value":443},"protocol":{"constant_value":"tcp"},"security_group_id":{"references":["aws_security_group.server.id","aws_security_group.server"]},"to_port":{"constant_value":443},"type":{"constant_value":"egress"}},"schema_version":2},{"address":"aws_security_group_rule.server_ingress_clients","mode":"managed","type":"aws_security_group_rule","name":"server_ingress_clients","provider_config_key":"aws","expressions":{"from_port":{"references":["each.value.port","each.value"]},"protocol":{"references":["each.value.proto","each.value"]},"security_group_id":{"references":["aws_security_group.server.id","aws_security_group.server"]},"source_security_group_id":{"references":["aws_security_group.client.id","aws_security_group.client"]},"to_port":{"references":["each.value.port","each.value"]},"type":{"constant_value":"ingress"}},"schema_version":2,"for_each_expression":{"references":["local.ipa_ports"]}},{"address":"aws_security_group_rule.server_ingress_self","mode":"managed","type":"aws_security_group_rule","name":"server_ingress_self","provider_config_key":"aws","expressions":{"from_port":{"references":["each.value.port","each.value"]},"protocol":{"references":["each.value.proto","each.value"]},"security_group_id":{"references":["aws_security_group.server.id","aws_security_group.server"]},"self":{"constant_value":true},"to_port":{"references":["each.value.port","each.value"]},"type":{"constant_value":"ingress"}},"schema_version":2,"for_each_expression":{"references":["local.ipa_ports"]}},{"address":"aws_security_group_rule.server_ingress_trusted","mode":"managed","type":"aws_security_group_rule","name":"server_ingress_trusted","provider_config_key":"aws","expressions":{"cidr_blocks":{"references":["var.trusted_cidr_blocks"]},"from_port":{"references":["each.value.port","each.value"]},"protocol":{"references":["each.value.proto","each.value"]},"security_group_id":{"references":["aws_security_group.server.id","aws_security_group.server"]},"to_port":{"references":["each.value.port","each.value"]},"type":{"constant_value":"ingress"}},"schema_version":2,"for_each_expression":{"references":["local.ipa_ports"]}}],"variables":{"trusted_cidr_blocks":{"default":[],"description":"A list of the CIDR blocks outside the VPC that are allowed to access the IPA servers (e.g. [\"10.10.0.0/16\", \"10.11.0.0/16\"])."},"vpc_id":{"description":"The ID of the VPC where the IPA cluster is to be instantiated (e.g. vpc-2f09a348)."}}}},"relevant_attributes":[{"resource":"aws_security_group.client","attribute":["id"]},{"resource":"aws_security_group.server","attribute":["id"]},{"resource":"aws_security_group.client","attribute":[]},{"resource":"aws_security_group.server","attribute":[]}],"timestamp":"2026-01-22T18:29:18Z","applyable":true,"complete":true,"errored":false}
