{"format_version":"1.2","terraform_version":"1.13.5","variables":{"aws_region":{"value":"us-east-1"},"db_allocated_storage":{"value":20},"db_instance_class":{"value":"db.t3.micro"},"db_password":{"value":"ai-tf"},"db_username":{"value":"ai-tf"},"mlflow_container_image":{"value":"ai-tf"},"mlflow_s3_bucket_name":{"value":"ai-tf"},"private_subnet_cidrs":{"value":["10.0.2.0/24"]},"public_subnet_cidrs":{"value":["10.0.1.0/24"]},"vpc_cidr":{"value":"10.0.0.0/16"}},"planned_values":{"outputs":{"mlflow_apprunner_url":{"sensitive":false},"mlflow_rds_endpoint":{"sensitive":false},"mlflow_s3_bucket":{"sensitive":false,"type":"string","value":"ai-tf"}},"root_module":{"resources":[{"address":"aws_apprunner_service.mlflow","mode":"managed","type":"aws_apprunner_service","name":"mlflow","provider_name":"registry.terraform.io/hashicorp/aws","schema_version":0,"values":{"encryption_configuration":[],"instance_configuration":[{"cpu":"1024","instance_role_arn":null,"memory":"2048"}],"observability_configuration":[],"region":"us-east-1","service_name":"mlflow-apprunner","source_configuration":[{"authentication_configuration":[{"connection_arn":null}],"auto_deployments_enabled":false,"code_repository":[],"image_repository":[{"image_configuration":[{"port":"5000","runtime_environment_secrets":null,"start_command":null}],"image_identifier":"ai-tf","image_repository_type":"ECR"}]}],"tags":{"Name":"mlflow-apprunner"},"tags_all":{"Name":"mlflow-apprunner"}},"sensitive_values":{"encryption_configuration":[],"health_check_configuration":[],"instance_configuration":[{}],"network_configuration":[],"observability_configuration":[],"source_configuration":[{"authentication_configuration":[{}],"code_repository":[],"image_repository":[{"image_configuration":[{"runtime_environment_variables":{}}]}]}],"tags":{},"tags_all":{}},"identity_schema_version":0,"identity":{"arn":null}},{"address":"aws_db_instance.mlflow","mode":"managed","type":"aws_db_instance","name":"mlflow","provider_name":"registry.terraform.io/hashicorp/aws","schema_version":2,"values":{"allocated_storage":20,"allow_major_version_upgrade":null,"apply_immediately":false,"auto_minor_version_upgrade":true,"backup_retention_period":7,"blue_green_update":[],"copy_tags_to_snapshot":false,"custom_iam_instance_profile":null,"customer_owned_ip_enabled":null,"db_name":"mlflow","db_subnet_group_name":"mlflow-db-subnet-group","dedicated_log_volume":false,"delete_automated_backups":true,"deletion_protection":null,"domain":null,"domain_auth_secret_arn":null,"domain_dns_ips":null,"domain_iam_role_name":null,"domain_ou":null,"enabled_cloudwatch_logs_exports":null,"engine":"postgres","engine_version":"15.3","final_snapshot_identifier":null,"iam_database_authentication_enabled":null,"identifier":"mlflow-db","instance_class":"db.t3.micro","manage_master_user_password":null,"max_allocated_storage":null,"monitoring_interval":0,"multi_az":false,"password":"ai-tf","password_wo":null,"password_wo_version":null,"performance_insights_enabled":false,"publicly_accessible":false,"region":"us-east-1","replicate_source_db":null,"restore_to_point_in_time":[],"s3_import":[],"skip_final_snapshot":true,"storage_encrypted":true,"tags":{"Name":"mlflow-db"},"tags_all":{"Name":"mlflow-db"},"timeouts":null,"upgrade_storage_config":null,"username":"ai-tf"},"sensitive_values":{"blue_green_update":[],"listener_endpoint":[],"master_user_secret":[],"password":true,"password_wo":true,"replicas":[],"restore_to_point_in_time":[],"s3_import":[],"tags":{},"tags_all":{},"vpc_security_group_ids":[]}},{"address":"aws_db_subnet_group.mlflow","mode":"managed","type":"aws_db_subnet_group","name":"mlflow","provider_name":"registry.terraform.io/hashicorp/aws","schema_version":0,"values":{"description":"Managed by Terraform","name":"mlflow-db-subnet-group","region":"us-east-1","tags":{"Name":"mlflow-db-subnet-group"},"tags_all":{"Name":"mlflow-db-subnet-group"}},"sensitive_values":{"subnet_ids":[],"supported_network_types":[],"tags":{},"tags_all":{}}},{"address":"aws_iam_policy.mlflow_s3_access","mode":"managed","type":"aws_iam_policy","name":"mlflow_s3_access","provider_name":"registry.terraform.io/hashicorp/aws","schema_version":0,"values":{"description":null,"name":"mlflow-s3-access","path":"/","tags":null},"sensitive_values":{"tags_all":{}},"identity_schema_version":0,"identity":{"arn":null}},{"address":"aws_iam_role.mlflow_apprunner","mode":"managed","type":"aws_iam_role","name":"mlflow_apprunner","provider_name":"registry.terraform.io/hashicorp/aws","schema_version":0,"values":{"assume_role_policy":"{\"Statement\":[{\"Action\":\"sts:AssumeRole\",\"Effect\":\"Allow\",\"Principal\":{\"Service\":\"build.apprunner.amazonaws.com\"}}],\"Version\":\"2012-10-17\"}","description":null,"force_detach_policies":false,"max_session_duration":3600,"name":"mlflow-apprunner-role","path":"/","permissions_boundary":null,"tags":null},"sensitive_values":{"inline_policy":[],"managed_policy_arns":[],"tags_all":{}},"identity_schema_version":0,"identity":{"account_id":null,"name":null}},{"address":"aws_iam_role_policy_attachment.mlflow_s3_access","mode":"managed","type":"aws_iam_role_policy_attachment","name":"mlflow_s3_access","provider_name":"registry.terraform.io/hashicorp/aws","schema_version":0,"values":{"role":"mlflow-apprunner-role"},"sensitive_values":{},"identity_schema_version":0,"identity":{"account_id":null,"policy_arn":null,"role":null}},{"address":"aws_internet_gateway.main","mode":"managed","type":"aws_internet_gateway","name":"main","provider_name":"registry.terraform.io/hashicorp/aws","schema_version":0,"values":{"region":"us-east-1","tags":{"Name":"mlflow-igw"},"tags_all":{"Name":"mlflow-igw"},"timeouts":null},"sensitive_values":{"tags":{},"tags_all":{}}},{"address":"aws_route.public_internet_access","mode":"managed","type":"aws_route","name":"public_internet_access","provider_name":"registry.terraform.io/hashicorp/aws","schema_version":0,"values":{"carrier_gateway_id":null,"core_network_arn":null,"destination_cidr_block":"0.0.0.0/0","destination_ipv6_cidr_block":null,"destination_prefix_list_id":null,"egress_only_gateway_id":null,"local_gateway_id":null,"nat_gateway_id":null,"region":"us-east-1","timeouts":null,"transit_gateway_id":null,"vpc_endpoint_id":null,"vpc_peering_connection_id":null},"sensitive_values":{},"identity_schema_version":0,"identity":{"account_id":null,"destination_cidr_block":null,"destination_ipv6_cidr_block":null,"destination_prefix_list_id":null,"region":null,"route_table_id":null}},{"address":"aws_route_table.public","mode":"managed","type":"aws_route_table","name":"public","provider_name":"registry.terraform.io/hashicorp/aws","schema_version":0,"values":{"region":"us-east-1","tags":{"Name":"mlflow-public-rt"},"tags_all":{"Name":"mlflow-public-rt"},"timeouts":null},"sensitive_values":{"propagating_vgws":[],"route":[],"tags":{},"tags_all":{}},"identity_schema_version":0,"identity":{"account_id":null,"id":null,"region":null}},{"address":"aws_route_table_association.public[0]","mode":"managed","type":"aws_route_table_association","name":"public","index":0,"provider_name":"registry.terraform.io/hashicorp/aws","schema_version":0,"values":{"gateway_id":null,"region":"us-east-1","timeouts":null},"sensitive_values":{}},{"address":"aws_s3_bucket.mlflow_artifacts","mode":"managed","type":"aws_s3_bucket","name":"mlflow_artifacts","provider_name":"registry.terraform.io/hashicorp/aws","schema_version":0,"values":{"bucket":"ai-tf","force_destroy":true,"region":"us-east-1","tags":{"Name":"mlflow-artifacts"},"tags_all":{"Name":"mlflow-artifacts"},"timeouts":null},"sensitive_values":{"cors_rule":[],"grant":[],"lifecycle_rule":[],"logging":[],"object_lock_configuration":[],"replication_configuration":[],"server_side_encryption_configuration":[],"tags":{},"tags_all":{},"versioning":[],"website":[]},"identity_schema_version":0,"identity":{"account_id":null,"bucket":null,"region":null}},{"address":"aws_s3_bucket_public_access_block.mlflow_artifacts","mode":"managed","type":"aws_s3_bucket_public_access_block","name":"mlflow_artifacts","provider_name":"registry.terraform.io/hashicorp/aws","schema_version":0,"values":{"block_public_acls":true,"block_public_policy":true,"ignore_public_acls":true,"region":"us-east-1","restrict_public_buckets":true,"skip_destroy":null},"sensitive_values":{},"identity_schema_version":0,"identity":{"account_id":null,"bucket":null,"region":null}},{"address":"aws_security_group.mlflow","mode":"managed","type":"aws_security_group","name":"mlflow","provider_name":"registry.terraform.io/hashicorp/aws","schema_version":1,"values":{"description":"Allow HTTP, HTTPS, and PostgreSQL access","egress":[{"cidr_blocks":["0.0.0.0/0"],"description":"","from_port":0,"ipv6_cidr_blocks":[],"prefix_list_ids":[],"protocol":"-1","security_groups":[],"self":false,"to_port":0}],"ingress":[{"cidr_blocks":["0.0.0.0/0"],"description":"Allow HTTP","from_port":80,"ipv6_cidr_blocks":[],"prefix_list_ids":[],"protocol":"tcp","security_groups":[],"self":false,"to_port":80},{"cidr_blocks":["0.0.0.0/0"],"description":"Allow HTTPS","from_port":443,"ipv6_cidr_blocks":[],"prefix_list_ids":[],"protocol":"tcp","security_groups":[],"self":false,"to_port":443},{"cidr_blocks":["0.0.0.0/0"],"description":"Allow MLflow UI/API","from_port":5000,"ipv6_cidr_blocks":[],"prefix_list_ids":[],"protocol":"tcp","security_groups":[],"self":false,"to_port":5000},{"cidr_blocks":["0.0.0.0/0"],"description":"Allow PostgreSQL","from_port":5432,"ipv6_cidr_blocks":[],"prefix_list_ids":[],"protocol":"tcp","security_groups":[],"self":false,"to_port":5432}],"name":"mlflow-sg","region":"us-east-1","revoke_rules_on_delete":false,"tags":{"Name":"mlflow-sg"},"tags_all":{"Name":"mlflow-sg"},"timeouts":null},"sensitive_values":{"egress":[{"cidr_blocks":[false],"ipv6_cidr_blocks":[],"prefix_list_ids":[],"security_groups":[]}],"ingress":[{"cidr_blocks":[false],"ipv6_cidr_blocks":[],"prefix_list_ids":[],"security_groups":[]},{"cidr_blocks":[false],"ipv6_cidr_blocks":[],"prefix_list_ids":[],"security_groups":[]},{"cidr_blocks":[false],"ipv6_cidr_blocks":[],"prefix_list_ids":[],"security_groups":[]},{"cidr_blocks":[false],"ipv6_cidr_blocks":[],"prefix_list_ids":[],"security_groups":[]}],"tags":{},"tags_all":{}},"identity_schema_version":0,"identity":{"account_id":null,"id":null,"region":null}},{"address":"aws_subnet.private[0]","mode":"managed","type":"aws_subnet","name":"private","index":0,"provider_name":"registry.terraform.io/hashicorp/aws","schema_version":1,"values":{"assign_ipv6_address_on_creation":false,"availability_zone":"us-east-1a","cidr_block":"10.0.2.0/24","customer_owned_ipv4_pool":null,"enable_dns64":false,"enable_lni_at_device_index":null,"enable_resource_name_dns_a_record_on_launch":false,"enable_resource_name_dns_aaaa_record_on_launch":false,"ipv6_cidr_block":null,"ipv6_native":false,"map_customer_owned_ip_on_launch":null,"map_public_ip_on_launch":false,"outpost_arn":null,"region":"us-east-1","tags":{"Name":"mlflow-private-subnet-1"},"tags_all":{"Name":"mlflow-private-subnet-1"},"timeouts":null},"sensitive_values":{"tags":{},"tags_all":{}},"identity_schema_version":0,"identity":{"account_id":null,"id":null,"region":null}},{"address":"aws_subnet.public[0]","mode":"managed","type":"aws_subnet","name":"public","index":0,"provider_name":"registry.terraform.io/hashicorp/aws","schema_version":1,"values":{"assign_ipv6_address_on_creation":false,"availability_zone":"us-east-1a","cidr_block":"10.0.1.0/24","customer_owned_ipv4_pool":null,"enable_dns64":false,"enable_lni_at_device_index":null,"enable_resource_name_dns_a_record_on_launch":false,"enable_resource_name_dns_aaaa_record_on_launch":false,"ipv6_cidr_block":null,"ipv6_native":false,"map_customer_owned_ip_on_launch":null,"map_public_ip_on_launch":true,"outpost_arn":null,"region":"us-east-1","tags":{"Name":"mlflow-public-subnet-1"},"tags_all":{"Name":"mlflow-public-subnet-1"},"timeouts":null},"sensitive_values":{"tags":{},"tags_all":{}},"identity_schema_version":0,"identity":{"account_id":null,"id":null,"region":null}},{"address":"aws_vpc.main","mode":"managed","type":"aws_vpc","name":"main","provider_name":"registry.terraform.io/hashicorp/aws","schema_version":1,"values":{"assign_generated_ipv6_cidr_block":null,"cidr_block":"10.0.0.0/16","enable_dns_hostnames":true,"enable_dns_support":true,"instance_tenancy":"default","ipv4_ipam_pool_id":null,"ipv4_netmask_length":null,"ipv6_ipam_pool_id":null,"ipv6_netmask_length":null,"region":"us-east-1","tags":{"Name":"mlflow-vpc"},"tags_all":{"Name":"mlflow-vpc"}},"sensitive_values":{"tags":{},"tags_all":{}},"identity_schema_version":0,"identity":{"account_id":null,"id":null,"region":null}},{"address":"data.aws_iam_policy_document.mlflow_s3_access","mode":"data","type":"aws_iam_policy_document","name":"mlflow_s3_access","provider_name":"registry.terraform.io/hashicorp/aws","schema_version":0,"values":{"override_json":null,"override_policy_documents":null,"policy_id":null,"source_json":null,"source_policy_documents":null,"statement":[{"actions":["s3:GetObject","s3:ListBucket","s3:PutObject"],"condition":[],"effect":null,"not_actions":null,"not_principals":[],"not_resources":null,"principals":[],"resources":[null,null],"sid":null}],"version":null},"sensitive_values":{"statement":[{"actions":[false,false,false],"condition":[],"not_principals":[],"principals":[],"resources":[false,false]}]}}]}},"resource_changes":[{"address":"data.aws_iam_policy_document.mlflow_s3_access","mode":"data","type":"aws_iam_policy_document","name":"mlflow_s3_access","provider_name":"registry.terraform.io/hashicorp/aws","change":{"actions":["read"],"before":null,"after":{"override_json":null,"override_policy_documents":null,"policy_id":null,"source_json":null,"source_policy_documents":null,"statement":[{"actions":["s3:GetObject","s3:ListBucket","s3:PutObject"],"condition":[],"effect":null,"not_actions":null,"not_principals":[],"not_resources":null,"principals":[],"resources":[null,null],"sid":null}],"version":null},"after_unknown":{"id":true,"json":true,"minified_json":true,"statement":[{"actions":[false,false,false],"condition":[],"not_principals":[],"principals":[],"resources":[true,true]}]},"before_sensitive":false,"after_sensitive":{"statement":[{"actions":[false,false,false],"condition":[],"not_principals":[],"principals":[],"resources":[false,false]}]}},"action_reason":"read_because_config_unknown"},{"address":"aws_apprunner_service.mlflow","mode":"managed","type":"aws_apprunner_service","name":"mlflow","provider_name":"registry.terraform.io/hashicorp/aws","change":{"actions":["create"],"before":null,"after":{"encryption_configuration":[],"instance_configuration":[{"cpu":"1024","instance_role_arn":null,"memory":"2048"}],"observability_configuration":[],"region":"us-east-1","service_name":"mlflow-apprunner","source_configuration":[{"authentication_configuration":[{"connection_arn":null}],"auto_deployments_enabled":false,"code_repository":[],"image_repository":[{"image_configuration":[{"port":"5000","runtime_environment_secrets":null,"start_command":null}],"image_identifier":"ai-tf","image_repository_type":"ECR"}]}],"tags":{"Name":"mlflow-apprunner"},"tags_all":{"Name":"mlflow-apprunner"}},"after_unknown":{"arn":true,"auto_scaling_configuration_arn":true,"encryption_configuration":[],"health_check_configuration":true,"id":true,"instance_configuration":[{}],"network_configuration":true,"observability_configuration":[],"service_id":true,"service_url":true,"source_configuration":[{"authentication_configuration":[{"access_role_arn":true}],"code_repository":[],"image_repository":[{"image_configuration":[{"runtime_environment_variables":true}]}]}],"status":true,"tags":{},"tags_all":{}},"before_sensitive":false,"after_sensitive":{"encryption_configuration":[],"health_check_configuration":[],"instance_configuration":[{}],"network_configuration":[],"observability_configuration":[],"source_configuration":[{"authentication_configuration":[{}],"code_repository":[],"image_repository":[{"image_configuration":[{"runtime_environment_variables":{}}]}]}],"tags":{},"tags_all":{}},"after_identity":{"arn":null}}},{"address":"aws_db_instance.mlflow","mode":"managed","type":"aws_db_instance","name":"mlflow","provider_name":"registry.terraform.io/hashicorp/aws","change":{"actions":["create"],"before":null,"after":{"allocated_storage":20,"allow_major_version_upgrade":null,"apply_immediately":false,"auto_minor_version_upgrade":true,"backup_retention_period":7,"blue_green_update":[],"copy_tags_to_snapshot":false,"custom_iam_instance_profile":null,"customer_owned_ip_enabled":null,"db_name":"mlflow","db_subnet_group_name":"mlflow-db-subnet-group","dedicated_log_volume":false,"delete_automated_backups":true,"deletion_protection":null,"domain":null,"domain_auth_secret_arn":null,"domain_dns_ips":null,"domain_iam_role_name":null,"domain_ou":null,"enabled_cloudwatch_logs_exports":null,"engine":"postgres","engine_version":"15.3","final_snapshot_identifier":null,"iam_database_authentication_enabled":null,"identifier":"mlflow-db","instance_class":"db.t3.micro","manage_master_user_password":null,"max_allocated_storage":null,"monitoring_interval":0,"multi_az":false,"password":"ai-tf","password_wo":null,"password_wo_version":null,"performance_insights_enabled":false,"publicly_accessible":false,"region":"us-east-1","replicate_source_db":null,"restore_to_point_in_time":[],"s3_import":[],"skip_final_snapshot":true,"storage_encrypted":true,"tags":{"Name":"mlflow-db"},"tags_all":{"Name":"mlflow-db"},"timeouts":null,"upgrade_storage_config":null,"username":"ai-tf"},"after_unknown":{"address":true,"arn":true,"availability_zone":true,"backup_target":true,"backup_window":true,"blue_green_update":[],"ca_cert_identifier":true,"character_set_name":true,"database_insights_mode":true,"domain_fqdn":true,"endpoint":true,"engine_lifecycle_support":true,"engine_version_actual":true,"hosted_zone_id":true,"id":true,"identifier_prefix":true,"iops":true,"kms_key_id":true,"latest_restorable_time":true,"license_model":true,"listener_endpoint":true,"maintenance_window":true,"master_user_secret":true,"master_user_secret_kms_key_id":true,"monitoring_role_arn":true,"nchar_character_set_name":true,"network_type":true,"option_group_name":true,"parameter_group_name":true,"performance_insights_kms_key_id":true,"performance_insights_retention_period":true,"port":true,"replica_mode":true,"replicas":true,"resource_id":true,"restore_to_point_in_time":[],"s3_import":[],"snapshot_identifier":true,"status":true,"storage_throughput":true,"storage_type":true,"tags":{},"tags_all":{},"timezone":true,"upgrade_rollout_order":true,"vpc_security_group_ids":true},"before_sensitive":false,"after_sensitive":{"blue_green_update":[],"listener_endpoint":[],"master_user_secret":[],"password":true,"password_wo":true,"replicas":[],"restore_to_point_in_time":[],"s3_import":[],"tags":{},"tags_all":{},"vpc_security_group_ids":[]}}},{"address":"aws_db_subnet_group.mlflow","mode":"managed","type":"aws_db_subnet_group","name":"mlflow","provider_name":"registry.terraform.io/hashicorp/aws","change":{"actions":["create"],"before":null,"after":{"description":"Managed by Terraform","name":"mlflow-db-subnet-group","region":"us-east-1","tags":{"Name":"mlflow-db-subnet-group"},"tags_all":{"Name":"mlflow-db-subnet-group"}},"after_unknown":{"arn":true,"id":true,"name_prefix":true,"subnet_ids":true,"supported_network_types":true,"tags":{},"tags_all":{},"vpc_id":true},"before_sensitive":false,"after_sensitive":{"subnet_ids":[],"supported_network_types":[],"tags":{},"tags_all":{}}}},{"address":"aws_iam_policy.mlflow_s3_access","mode":"managed","type":"aws_iam_policy","name":"mlflow_s3_access","provider_name":"registry.terraform.io/hashicorp/aws","change":{"actions":["create"],"before":null,"after":{"description":null,"name":"mlflow-s3-access","path":"/","tags":null},"after_unknown":{"arn":true,"attachment_count":true,"id":true,"name_prefix":true,"policy":true,"policy_id":true,"tags_all":true},"before_sensitive":false,"after_sensitive":{"tags_all":{}},"after_identity":{"arn":null}}},{"address":"aws_iam_role.mlflow_apprunner","mode":"managed","type":"aws_iam_role","name":"mlflow_apprunner","provider_name":"registry.terraform.io/hashicorp/aws","change":{"actions":["create"],"before":null,"after":{"assume_role_policy":"{\"Statement\":[{\"Action\":\"sts:AssumeRole\",\"Effect\":\"Allow\",\"Principal\":{\"Service\":\"build.apprunner.amazonaws.com\"}}],\"Version\":\"2012-10-17\"}","description":null,"force_detach_policies":false,"max_session_duration":3600,"name":"mlflow-apprunner-role","path":"/","permissions_boundary":null,"tags":null},"after_unknown":{"arn":true,"create_date":true,"id":true,"inline_policy":true,"managed_policy_arns":true,"name_prefix":true,"tags_all":true,"unique_id":true},"before_sensitive":false,"after_sensitive":{"inline_policy":[],"managed_policy_arns":[],"tags_all":{}},"after_identity":{"account_id":null,"name":null}}},{"address":"aws_iam_role_policy_attachment.mlflow_s3_access","mode":"managed","type":"aws_iam_role_policy_attachment","name":"mlflow_s3_access","provider_name":"registry.terraform.io/hashicorp/aws","change":{"actions":["create"],"before":null,"after":{"role":"mlflow-apprunner-role"},"after_unknown":{"id":true,"policy_arn":true},"before_sensitive":false,"after_sensitive":{},"after_identity":{"account_id":null,"policy_arn":null,"role":null}}},{"address":"aws_internet_gateway.main","mode":"managed","type":"aws_internet_gateway","name":"main","provider_name":"registry.terraform.io/hashicorp/aws","change":{"actions":["create"],"before":null,"after":{"region":"us-east-1","tags":{"Name":"mlflow-igw"},"tags_all":{"Name":"mlflow-igw"},"timeouts":null},"after_unknown":{"arn":true,"id":true,"owner_id":true,"tags":{},"tags_all":{},"vpc_id":true},"before_sensitive":false,"after_sensitive":{"tags":{},"tags_all":{}}}},{"address":"aws_route.public_internet_access","mode":"managed","type":"aws_route","name":"public_internet_access","provider_name":"registry.terraform.io/hashicorp/aws","change":{"actions":["create"],"before":null,"after":{"carrier_gateway_id":null,"core_network_arn":null,"destination_cidr_block":"0.0.0.0/0","destination_ipv6_cidr_block":null,"destination_prefix_list_id":null,"egress_only_gateway_id":null,"local_gateway_id":null,"nat_gateway_id":null,"region":"us-east-1","timeouts":null,"transit_gateway_id":null,"vpc_endpoint_id":null,"vpc_peering_connection_id":null},"after_unknown":{"gateway_id":true,"id":true,"instance_id":true,"instance_owner_id":true,"network_interface_id":true,"origin":true,"route_table_id":true,"state":true},"before_sensitive":false,"after_sensitive":{},"after_identity":{"account_id":null,"destination_cidr_block":null,"destination_ipv6_cidr_block":null,"destination_prefix_list_id":null,"region":null,"route_table_id":null}}},{"address":"aws_route_table.public","mode":"managed","type":"aws_route_table","name":"public","provider_name":"registry.terraform.io/hashicorp/aws","change":{"actions":["create"],"before":null,"after":{"region":"us-east-1","tags":{"Name":"mlflow-public-rt"},"tags_all":{"Name":"mlflow-public-rt"},"timeouts":null},"after_unknown":{"arn":true,"id":true,"owner_id":true,"propagating_vgws":true,"route":true,"tags":{},"tags_all":{},"vpc_id":true},"before_sensitive":false,"after_sensitive":{"propagating_vgws":[],"route":[],"tags":{},"tags_all":{}},"after_identity":{"account_id":null,"id":null,"region":null}}},{"address":"aws_route_table_association.public[0]","mode":"managed","type":"aws_route_table_association","name":"public","index":0,"provider_name":"registry.terraform.io/hashicorp/aws","change":{"actions":["create"],"before":null,"after":{"gateway_id":null,"region":"us-east-1","timeouts":null},"after_unknown":{"id":true,"route_table_id":true,"subnet_id":true},"before_sensitive":false,"after_sensitive":{}}},{"address":"aws_s3_bucket.mlflow_artifacts","mode":"managed","type":"aws_s3_bucket","name":"mlflow_artifacts","provider_name":"registry.terraform.io/hashicorp/aws","change":{"actions":["create"],"before":null,"after":{"bucket":"ai-tf","force_destroy":true,"region":"us-east-1","tags":{"Name":"mlflow-artifacts"},"tags_all":{"Name":"mlflow-artifacts"},"timeouts":null},"after_unknown":{"acceleration_status":true,"acl":true,"arn":true,"bucket_domain_name":true,"bucket_prefix":true,"bucket_region":true,"bucket_regional_domain_name":true,"cors_rule":true,"grant":true,"hosted_zone_id":true,"id":true,"lifecycle_rule":true,"logging":true,"object_lock_configuration":true,"object_lock_enabled":true,"policy":true,"replication_configuration":true,"request_payer":true,"server_side_encryption_configuration":true,"tags":{},"tags_all":{},"versioning":true,"website":true,"website_domain":true,"website_endpoint":true},"before_sensitive":false,"after_sensitive":{"cors_rule":[],"grant":[],"lifecycle_rule":[],"logging":[],"object_lock_configuration":[],"replication_configuration":[],"server_side_encryption_configuration":[],"tags":{},"tags_all":{},"versioning":[],"website":[]},"after_identity":{"account_id":null,"bucket":null,"region":null}}},{"address":"aws_s3_bucket_public_access_block.mlflow_artifacts","mode":"managed","type":"aws_s3_bucket_public_access_block","name":"mlflow_artifacts","provider_name":"registry.terraform.io/hashicorp/aws","change":{"actions":["create"],"before":null,"after":{"block_public_acls":true,"block_public_policy":true,"ignore_public_acls":true,"region":"us-east-1","restrict_public_buckets":true,"skip_destroy":null},"after_unknown":{"bucket":true,"id":true},"before_sensitive":false,"after_sensitive":{},"after_identity":{"account_id":null,"bucket":null,"region":null}}},{"address":"aws_security_group.mlflow","mode":"managed","type":"aws_security_group","name":"mlflow","provider_name":"registry.terraform.io/hashicorp/aws","change":{"actions":["create"],"before":null,"after":{"description":"Allow HTTP, HTTPS, and PostgreSQL access","egress":[{"cidr_blocks":["0.0.0.0/0"],"description":"","from_port":0,"ipv6_cidr_blocks":[],"prefix_list_ids":[],"protocol":"-1","security_groups":[],"self":false,"to_port":0}],"ingress":[{"cidr_blocks":["0.0.0.0/0"],"description":"Allow HTTP","from_port":80,"ipv6_cidr_blocks":[],"prefix_list_ids":[],"protocol":"tcp","security_groups":[],"self":false,"to_port":80},{"cidr_blocks":["0.0.0.0/0"],"description":"Allow HTTPS","from_port":443,"ipv6_cidr_blocks":[],"prefix_list_ids":[],"protocol":"tcp","security_groups":[],"self":false,"to_port":443},{"cidr_blocks":["0.0.0.0/0"],"description":"Allow MLflow UI/API","from_port":5000,"ipv6_cidr_blocks":[],"prefix_list_ids":[],"protocol":"tcp","security_groups":[],"self":false,"to_port":5000},{"cidr_blocks":["0.0.0.0/0"],"description":"Allow PostgreSQL","from_port":5432,"ipv6_cidr_blocks":[],"prefix_list_ids":[],"protocol":"tcp","security_groups":[],"self":false,"to_port":5432}],"name":"mlflow-sg","region":"us-east-1","revoke_rules_on_delete":false,"tags":{"Name":"mlflow-sg"},"tags_all":{"Name":"mlflow-sg"},"timeouts":null},"after_unknown":{"arn":true,"egress":[{"cidr_blocks":[false],"ipv6_cidr_blocks":[],"prefix_list_ids":[],"security_groups":[]}],"id":true,"ingress":[{"cidr_blocks":[false],"ipv6_cidr_blocks":[],"prefix_list_ids":[],"security_groups":[]},{"cidr_blocks":[false],"ipv6_cidr_blocks":[],"prefix_list_ids":[],"security_groups":[]},{"cidr_blocks":[false],"ipv6_cidr_blocks":[],"prefix_list_ids":[],"security_groups":[]},{"cidr_blocks":[false],"ipv6_cidr_blocks":[],"prefix_list_ids":[],"security_groups":[]}],"name_prefix":true,"owner_id":true,"tags":{},"tags_all":{},"vpc_id":true},"before_sensitive":false,"after_sensitive":{"egress":[{"cidr_blocks":[false],"ipv6_cidr_blocks":[],"prefix_list_ids":[],"security_groups":[]}],"ingress":[{"cidr_blocks":[false],"ipv6_cidr_blocks":[],"prefix_list_ids":[],"security_groups":[]},{"cidr_blocks":[false],"ipv6_cidr_blocks":[],"prefix_list_ids":[],"security_groups":[]},{"cidr_blocks":[false],"ipv6_cidr_blocks":[],"prefix_list_ids":[],"security_groups":[]},{"cidr_blocks":[false],"ipv6_cidr_blocks":[],"prefix_list_ids":[],"security_groups":[]}],"tags":{},"tags_all":{}},"after_identity":{"account_id":null,"id":null,"region":null}}},{"address":"aws_subnet.private[0]","mode":"managed","type":"aws_subnet","name":"private","index":0,"provider_name":"registry.terraform.io/hashicorp/aws","change":{"actions":["create"],"before":null,"after":{"assign_ipv6_address_on_creation":false,"availability_zone":"us-east-1a","cidr_block":"10.0.2.0/24","customer_owned_ipv4_pool":null,"enable_dns64":false,"enable_lni_at_device_index":null,"enable_resource_name_dns_a_record_on_launch":false,"enable_resource_name_dns_aaaa_record_on_launch":false,"ipv6_cidr_block":null,"ipv6_native":false,"map_customer_owned_ip_on_launch":null,"map_public_ip_on_launch":false,"outpost_arn":null,"region":"us-east-1","tags":{"Name":"mlflow-private-subnet-1"},"tags_all":{"Name":"mlflow-private-subnet-1"},"timeouts":null},"after_unknown":{"arn":true,"availability_zone_id":true,"id":true,"ipv6_cidr_block_association_id":true,"owner_id":true,"private_dns_hostname_type_on_launch":true,"tags":{},"tags_all":{},"vpc_id":true},"before_sensitive":false,"after_sensitive":{"tags":{},"tags_all":{}},"after_identity":{"account_id":null,"id":null,"region":null}}},{"address":"aws_subnet.public[0]","mode":"managed","type":"aws_subnet","name":"public","index":0,"provider_name":"registry.terraform.io/hashicorp/aws","change":{"actions":["create"],"before":null,"after":{"assign_ipv6_address_on_creation":false,"availability_zone":"us-east-1a","cidr_block":"10.0.1.0/24","customer_owned_ipv4_pool":null,"enable_dns64":false,"enable_lni_at_device_index":null,"enable_resource_name_dns_a_record_on_launch":false,"enable_resource_name_dns_aaaa_record_on_launch":false,"ipv6_cidr_block":null,"ipv6_native":false,"map_customer_owned_ip_on_launch":null,"map_public_ip_on_launch":true,"outpost_arn":null,"region":"us-east-1","tags":{"Name":"mlflow-public-subnet-1"},"tags_all":{"Name":"mlflow-public-subnet-1"},"timeouts":null},"after_unknown":{"arn":true,"availability_zone_id":true,"id":true,"ipv6_cidr_block_association_id":true,"owner_id":true,"private_dns_hostname_type_on_launch":true,"tags":{},"tags_all":{},"vpc_id":true},"before_sensitive":false,"after_sensitive":{"tags":{},"tags_all":{}},"after_identity":{"account_id":null,"id":null,"region":null}}},{"address":"aws_vpc.main","mode":"managed","type":"aws_vpc","name":"main","provider_name":"registry.terraform.io/hashicorp/aws","change":{"actions":["create"],"before":null,"after":{"assign_generated_ipv6_cidr_block":null,"cidr_block":"10.0.0.0/16","enable_dns_hostnames":true,"enable_dns_support":true,"instance_tenancy":"default","ipv4_ipam_pool_id":null,"ipv4_netmask_length":null,"ipv6_ipam_pool_id":null,"ipv6_netmask_length":null,"region":"us-east-1","tags":{"Name":"mlflow-vpc"},"tags_all":{"Name":"mlflow-vpc"}},"after_unknown":{"arn":true,"default_network_acl_id":true,"default_route_table_id":true,"default_security_group_id":true,"dhcp_options_id":true,"enable_network_address_usage_metrics":true,"id":true,"ipv6_association_id":true,"ipv6_cidr_block":true,"ipv6_cidr_block_network_border_group":true,"main_route_table_id":true,"owner_id":true,"tags":{},"tags_all":{}},"before_sensitive":false,"after_sensitive":{"tags":{},"tags_all":{}},"after_identity":{"account_id":null,"id":null,"region":null}}}],"output_changes":{"mlflow_apprunner_url":{"actions":["create"],"before":null,"after_unknown":true,"before_sensitive":false,"after_sensitive":false},"mlflow_rds_endpoint":{"actions":["create"],"before":null,"after_unknown":true,"before_sensitive":false,"after_sensitive":false},"mlflow_s3_bucket":{"actions":["create"],"before":null,"after":"ai-tf","after_unknown":false,"before_sensitive":false,"after_sensitive":false}},"prior_state":{"format_version":"1.0","terraform_version":"1.13.5","values":{"outputs":{"mlflow_s3_bucket":{"sensitive":false,"value":"ai-tf","type":"string"}},"root_module":{"resources":[{"address":"data.aws_availability_zones.available","mode":"data","type":"aws_availability_zones","name":"available","provider_name":"registry.terraform.io/hashicorp/aws","schema_version":0,"values":{"all_availability_zones":null,"exclude_names":null,"exclude_zone_ids":null,"filter":null,"group_names":[""],"id":"us-east-1","names":["us-east-1a","us-east-1b","us-east-1c","us-east-1d","us-east-1e","us-east-1f"],"region":"us-east-1","state":null,"timeouts":null,"zone_ids":["use1-az6","use1-az1","use1-az2","use1-az4","use1-az3","use1-az5"]},"sensitive_values":{"group_names":[false],"names":[false,false,false,false,false,false],"zone_ids":[false,false,false,false,false,false]}}]}}},"configuration":{"provider_config":{"aws":{"name":"aws","full_name":"registry.terraform.io/hashicorp/aws","version_constraint":"\u003e= 4.0.0","expressions":{"region":{"references":["var.aws_region"]}}}},"root_module":{"outputs":{"mlflow_apprunner_url":{"expression":{"references":["aws_apprunner_service.mlflow.service_url","aws_apprunner_service.mlflow"]},"description":"URL of the MLflow Tracking Server (App Runner)"},"mlflow_rds_endpoint":{"expression":{"references":["aws_db_instance.mlflow.address","aws_db_instance.mlflow"]},"description":"RDS endpoint for MLflow metadata storage"},"mlflow_s3_bucket":{"expression":{"references":["aws_s3_bucket.mlflow_artifacts.bucket","aws_s3_bucket.mlflow_artifacts"]},"description":"S3 bucket for MLflow artifacts"}},"resources":[{"address":"aws_apprunner_service.mlflow","mode":"managed","type":"aws_apprunner_service","name":"mlflow","provider_config_key":"aws","expressions":{"instance_configuration":[{"cpu":{"constant_value":"1024"},"memory":{"constant_value":"2048"}}],"service_name":{"constant_value":"mlflow-apprunner"},"source_configuration":[{"authentication_configuration":[{"access_role_arn":{"references":["aws_iam_role.mlflow_apprunner.arn","aws_iam_role.mlflow_apprunner"]}}],"auto_deployments_enabled":{"constant_value":false},"image_repository":[{"image_configuration":[{"port":{"constant_value":"5000"},"runtime_environment_variables":{"references":["aws_s3_bucket.mlflow_artifacts.bucket","aws_s3_bucket.mlflow_artifacts","var.db_username","var.db_password","aws_db_instance.mlflow.address","aws_db_instance.mlflow"]}}],"image_identifier":{"references":["var.mlflow_container_image"]},"image_repository_type":{"constant_value":"ECR"}}]}],"tags":{"constant_value":{"Name":"mlflow-apprunner"}}},"schema_version":0},{"address":"aws_db_instance.mlflow","mode":"managed","type":"aws_db_instance","name":"mlflow","provider_config_key":"aws","expressions":{"allocated_storage":{"references":["var.db_allocated_storage"]},"auto_minor_version_upgrade":{"constant_value":true},"backup_retention_period":{"constant_value":7},"db_name":{"constant_value":"mlflow"},"db_subnet_group_name":{"references":["aws_db_subnet_group.mlflow.name","aws_db_subnet_group.mlflow"]},"engine":{"constant_value":"postgres"},"engine_version":{"constant_value":"15.3"},"identifier":{"constant_value":"mlflow-db"},"instance_class":{"references":["var.db_instance_class"]},"multi_az":{"constant_value":false},"password":{"references":["var.db_password"]},"publicly_accessible":{"constant_value":false},"skip_final_snapshot":{"constant_value":true},"storage_encrypted":{"constant_value":true},"tags":{"constant_value":{"Name":"mlflow-db"}},"username":{"references":["var.db_username"]},"vpc_security_group_ids":{"references":["aws_security_group.mlflow.id","aws_security_group.mlflow"]}},"schema_version":2},{"address":"aws_db_subnet_group.mlflow","mode":"managed","type":"aws_db_subnet_group","name":"mlflow","provider_config_key":"aws","expressions":{"name":{"constant_value":"mlflow-db-subnet-group"},"subnet_ids":{"references":["aws_subnet.private"]},"tags":{"constant_value":{"Name":"mlflow-db-subnet-group"}}},"schema_version":0},{"address":"aws_iam_policy.mlflow_s3_access","mode":"managed","type":"aws_iam_policy","name":"mlflow_s3_access","provider_config_key":"aws","expressions":{"name":{"constant_value":"mlflow-s3-access"},"policy":{"references":["data.aws_iam_policy_document.mlflow_s3_access.json","data.aws_iam_policy_document.mlflow_s3_access"]}},"schema_version":0},{"address":"aws_iam_role.mlflow_apprunner","mode":"managed","type":"aws_iam_role","name":"mlflow_apprunner","provider_config_key":"aws","expressions":{"assume_role_policy":{},"name":{"constant_value":"mlflow-apprunner-role"}},"schema_version":0},{"address":"aws_iam_role_policy_attachment.mlflow_s3_access","mode":"managed","type":"aws_iam_role_policy_attachment","name":"mlflow_s3_access","provider_config_key":"aws","expressions":{"policy_arn":{"references":["aws_iam_policy.mlflow_s3_access.arn","aws_iam_policy.mlflow_s3_access"]},"role":{"references":["aws_iam_role.mlflow_apprunner.name","aws_iam_role.mlflow_apprunner"]}},"schema_version":0},{"address":"aws_internet_gateway.main","mode":"managed","type":"aws_internet_gateway","name":"main","provider_config_key":"aws","expressions":{"tags":{"constant_value":{"Name":"mlflow-igw"}},"vpc_id":{"references":["aws_vpc.main.id","aws_vpc.main"]}},"schema_version":0},{"address":"aws_route.public_internet_access","mode":"managed","type":"aws_route","name":"public_internet_access","provider_config_key":"aws","expressions":{"destination_cidr_block":{"constant_value":"0.0.0.0/0"},"gateway_id":{"references":["aws_internet_gateway.main.id","aws_internet_gateway.main"]},"route_table_id":{"references":["aws_route_table.public.id","aws_route_table.public"]}},"schema_version":0},{"address":"aws_route_table.public","mode":"managed","type":"aws_route_table","name":"public","provider_config_key":"aws","expressions":{"tags":{"constant_value":{"Name":"mlflow-public-rt"}},"vpc_id":{"references":["aws_vpc.main.id","aws_vpc.main"]}},"schema_version":0},{"address":"aws_route_table_association.public","mode":"managed","type":"aws_route_table_association","name":"public","provider_config_key":"aws","expressions":{"route_table_id":{"references":["aws_route_table.public.id","aws_route_table.public"]},"subnet_id":{"references":["aws_subnet.public","count.index"]}},"schema_version":0,"count_expression":{"references":["var.public_subnet_cidrs"]}},{"address":"aws_s3_bucket.mlflow_artifacts","mode":"managed","type":"aws_s3_bucket","name":"mlflow_artifacts","provider_config_key":"aws","expressions":{"bucket":{"references":["var.mlflow_s3_bucket_name"]},"force_destroy":{"constant_value":true},"tags":{"constant_value":{"Name":"mlflow-artifacts"}}},"schema_version":0},{"address":"aws_s3_bucket_public_access_block.mlflow_artifacts","mode":"managed","type":"aws_s3_bucket_public_access_block","name":"mlflow_artifacts","provider_config_key":"aws","expressions":{"block_public_acls":{"constant_value":true},"block_public_policy":{"constant_value":true},"bucket":{"references":["aws_s3_bucket.mlflow_artifacts.id","aws_s3_bucket.mlflow_artifacts"]},"ignore_public_acls":{"constant_value":true},"restrict_public_buckets":{"constant_value":true}},"schema_version":0},{"address":"aws_security_group.mlflow","mode":"managed","type":"aws_security_group","name":"mlflow","provider_config_key":"aws","expressions":{"description":{"constant_value":"Allow HTTP, HTTPS, and PostgreSQL access"},"egress":{"constant_value":[{"cidr_blocks":["0.0.0.0/0"],"description":null,"from_port":0,"ipv6_cidr_blocks":null,"prefix_list_ids":null,"protocol":"-1","security_groups":null,"self":null,"to_port":0}]},"ingress":{"constant_value":[{"cidr_blocks":["0.0.0.0/0"],"description":"Allow HTTP","from_port":80,"ipv6_cidr_blocks":null,"prefix_list_ids":null,"protocol":"tcp","security_groups":null,"self":null,"to_port":80},{"cidr_blocks":["0.0.0.0/0"],"description":"Allow HTTPS","from_port":443,"ipv6_cidr_blocks":null,"prefix_list_ids":null,"protocol":"tcp","security_groups":null,"self":null,"to_port":443},{"cidr_blocks":["0.0.0.0/0"],"description":"Allow MLflow UI/API","from_port":5000,"ipv6_cidr_blocks":null,"prefix_list_ids":null,"protocol":"tcp","security_groups":null,"self":null,"to_port":5000},{"cidr_blocks":["0.0.0.0/0"],"description":"Allow PostgreSQL","from_port":5432,"ipv6_cidr_blocks":null,"prefix_list_ids":null,"protocol":"tcp","security_groups":null,"self":null,"to_port":5432}]},"name":{"constant_value":"mlflow-sg"},"tags":{"constant_value":{"Name":"mlflow-sg"}},"vpc_id":{"references":["aws_vpc.main.id","aws_vpc.main"]}},"schema_version":1},{"address":"aws_subnet.private","mode":"managed","type":"aws_subnet","name":"private","provider_config_key":"aws","expressions":{"availability_zone":{"references":["data.aws_availability_zones.available.names","data.aws_availability_zones.available","count.index"]},"cidr_block":{"references":["var.private_subnet_cidrs","count.index"]},"tags":{"references":["count.index"]},"vpc_id":{"references":["aws_vpc.main.id","aws_vpc.main"]}},"schema_version":1,"count_expression":{"references":["var.private_subnet_cidrs"]}},{"address":"aws_subnet.public","mode":"managed","type":"aws_subnet","name":"public","provider_config_key":"aws","expressions":{"availability_zone":{"references":["data.aws_availability_zones.available.names","data.aws_availability_zones.available","count.index"]},"cidr_block":{"references":["var.public_subnet_cidrs","count.index"]},"map_public_ip_on_launch":{"constant_value":true},"tags":{"references":["count.index"]},"vpc_id":{"references":["aws_vpc.main.id","aws_vpc.main"]}},"schema_version":1,"count_expression":{"references":["var.public_subnet_cidrs"]}},{"address":"aws_vpc.main","mode":"managed","type":"aws_vpc","name":"main","provider_config_key":"aws","expressions":{"cidr_block":{"references":["var.vpc_cidr"]},"enable_dns_hostnames":{"constant_value":true},"enable_dns_support":{"constant_value":true},"tags":{"constant_value":{"Name":"mlflow-vpc"}}},"schema_version":1},{"address":"data.aws_availability_zones.available","mode":"data","type":"aws_availability_zones","name":"available","provider_config_key":"aws","schema_version":0},{"address":"data.aws_iam_policy_document.mlflow_s3_access","mode":"data","type":"aws_iam_policy_document","name":"mlflow_s3_access","provider_config_key":"aws","expressions":{"statement":[{"actions":{"constant_value":["s3:GetObject","s3:PutObject","s3:ListBucket"]},"resources":{"references":["aws_s3_bucket.mlflow_artifacts.arn","aws_s3_bucket.mlflow_artifacts","aws_s3_bucket.mlflow_artifacts.arn","aws_s3_bucket.mlflow_artifacts"]}}]},"schema_version":0}],"variables":{"aws_region":{"default":"us-east-1","description":"AWS region to deploy resources in."},"db_allocated_storage":{"default":20,"description":"Allocated storage for RDS (in GB)."},"db_instance_class":{"default":"db.t3.micro","description":"Instance class for RDS."},"db_password":{"description":"Password for the RDS PostgreSQL instance.","sensitive":true},"db_username":{"description":"Username for the RDS PostgreSQL instance."},"mlflow_container_image":{"description":"Container image URI for MLflow + Nginx."},"mlflow_s3_bucket_name":{"description":"Name for the S3 bucket to store MLflow artifacts."},"private_subnet_cidrs":{"default":["10.0.2.0/24"],"description":"List of private subnet CIDR blocks."},"public_subnet_cidrs":{"default":["10.0.1.0/24"],"description":"List of public subnet CIDR blocks."},"vpc_cidr":{"default":"10.0.0.0/16","description":"CIDR block for the VPC."}}}},"relevant_attributes":[{"resource":"aws_internet_gateway.main","attribute":["id"]},{"resource":"data.aws_availability_zones.available","attribute":["names"]},{"resource":"aws_route_table.public","attribute":["id"]},{"resource":"data.aws_iam_policy_document.mlflow_s3_access","attribute":["json"]},{"resource":"aws_s3_bucket.mlflow_artifacts","attribute":["arn"]},{"resource":"aws_iam_role.mlflow_apprunner","attribute":["arn"]},{"resource":"aws_subnet.private","attribute":[]},{"resource":"aws_iam_role.mlflow_apprunner","attribute":["name"]},{"resource":"aws_vpc.main","attribute":["id"]},{"resource":"aws_apprunner_service.mlflow","attribute":["service_url"]},{"resource":"aws_security_group.mlflow","attribute":["id"]},{"resource":"aws_subnet.public","attribute":[]},{"resource":"aws_db_subnet_group.mlflow","attribute":["name"]},{"resource":"aws_iam_policy.mlflow_s3_access","attribute":["arn"]},{"resource":"aws_s3_bucket.mlflow_artifacts","attribute":["id"]},{"resource":"aws_db_instance.mlflow","attribute":["address"]},{"resource":"aws_s3_bucket.mlflow_artifacts","attribute":["bucket"]}],"timestamp":"2025-12-22T21:44:21Z","applyable":true,"complete":true,"errored":false}
