{
  "version": 4,
  "terraform_version": "1.13.5",
  "serial": 2,
  "lineage": "54eba7e9-0fb0-84ad-3c9f-e89fbc045eb2",
  "outputs": {},
  "resources": [
    {
      "mode": "managed",
      "type": "aws_cloudfront_origin_access_control",
      "name": "oac",
      "provider": "provider[\"registry.terraform.io/hashicorp/aws\"]",
      "instances": [
        {
          "schema_version": 0,
          "attributes": {
            "arn": "arn:aws:cloudfront::000000000000:origin-access-control/7D18B9CB",
            "description": "OAC for magic-color static site",
            "etag": "259c2ef2",
            "id": "7D18B9CB",
            "name": "magic-color-oac",
            "origin_access_control_origin_type": "s3",
            "signing_behavior": "always",
            "signing_protocol": "sigv4"
          },
          "sensitive_attributes": [],
          "identity_schema_version": 0,
          "private": "bnVsbA=="
        }
      ]
    },
    {
      "mode": "managed",
      "type": "aws_s3_bucket",
      "name": "site",
      "provider": "provider[\"registry.terraform.io/hashicorp/aws\"]",
      "instances": []
    },
    {
      "mode": "managed",
      "type": "random_id",
      "name": "suffix",
      "provider": "provider[\"registry.terraform.io/hashicorp/random\"]",
      "instances": [
        {
          "schema_version": 0,
          "attributes": {
            "b64_std": "yxKUbA==",
            "b64_url": "yxKUbA",
            "byte_length": 4,
            "dec": "3406992492",
            "hex": "cb12946c",
            "id": "yxKUbA",
            "keepers": null,
            "prefix": null
          },
          "sensitive_attributes": [],
          "identity_schema_version": 0
        }
      ]
    }
  ],
  "check_results": null
}
