{"format_version":"1.2","terraform_version":"1.13.5","variables":{"aws_region":{"value":"us-east-1"},"bucket_name":{"value":"versionedexample"},"name":{"value":"s3-versioning-demo"},"tags":{"value":{"Managed":"terraform","Project":"s3-versioning-demo"}}},"planned_values":{"outputs":{"bucket_arn":{"sensitive":false},"bucket_name":{"sensitive":false,"type":"string","value":"versionedexample"}},"root_module":{"resources":[{"address":"aws_s3_bucket.versioned","mode":"managed","type":"aws_s3_bucket","name":"versioned","provider_name":"registry.terraform.io/hashicorp/aws","schema_version":0,"values":{"bucket":"versionedexample","force_destroy":false,"tags":null,"tags_all":{"Managed":"terraform","Project":"s3-versioning-demo"},"timeouts":null},"sensitive_values":{"cors_rule":[],"grant":[],"lifecycle_rule":[],"logging":[],"object_lock_configuration":[],"replication_configuration":[],"server_side_encryption_configuration":[],"tags_all":{},"versioning":[],"website":[]}},{"address":"aws_s3_bucket_public_access_block.this","mode":"managed","type":"aws_s3_bucket_public_access_block","name":"this","provider_name":"registry.terraform.io/hashicorp/aws","schema_version":0,"values":{"block_public_acls":true,"block_public_policy":true,"ignore_public_acls":true,"restrict_public_buckets":true},"sensitive_values":{}},{"address":"aws_s3_bucket_server_side_encryption_configuration.this","mode":"managed","type":"aws_s3_bucket_server_side_encryption_configuration","name":"this","provider_name":"registry.terraform.io/hashicorp/aws","schema_version":0,"values":{"expected_bucket_owner":null,"rule":[{"apply_server_side_encryption_by_default":[{"kms_master_key_id":"","sse_algorithm":"AES256"}],"bucket_key_enabled":null}]},"sensitive_values":{"rule":[{"apply_server_side_encryption_by_default":[{}]}]}},{"address":"aws_s3_bucket_versioning.this","mode":"managed","type":"aws_s3_bucket_versioning","name":"this","provider_name":"registry.terraform.io/hashicorp/aws","schema_version":0,"values":{"expected_bucket_owner":null,"mfa":null,"versioning_configuration":[{"status":"Enabled"}]},"sensitive_values":{"versioning_configuration":[{}]}}]}},"resource_changes":[{"address":"aws_s3_bucket.versioned","mode":"managed","type":"aws_s3_bucket","name":"versioned","provider_name":"registry.terraform.io/hashicorp/aws","change":{"actions":["create"],"before":null,"after":{"bucket":"versionedexample","force_destroy":false,"tags":null,"tags_all":{"Managed":"terraform","Project":"s3-versioning-demo"},"timeouts":null},"after_unknown":{"acceleration_status":true,"acl":true,"arn":true,"bucket_domain_name":true,"bucket_prefix":true,"bucket_regional_domain_name":true,"cors_rule":true,"grant":true,"hosted_zone_id":true,"id":true,"lifecycle_rule":true,"logging":true,"object_lock_configuration":true,"object_lock_enabled":true,"policy":true,"region":true,"replication_configuration":true,"request_payer":true,"server_side_encryption_configuration":true,"tags_all":{},"versioning":true,"website":true,"website_domain":true,"website_endpoint":true},"before_sensitive":false,"after_sensitive":{"cors_rule":[],"grant":[],"lifecycle_rule":[],"logging":[],"object_lock_configuration":[],"replication_configuration":[],"server_side_encryption_configuration":[],"tags_all":{},"versioning":[],"website":[]}}},{"address":"aws_s3_bucket_public_access_block.this","mode":"managed","type":"aws_s3_bucket_public_access_block","name":"this","provider_name":"registry.terraform.io/hashicorp/aws","change":{"actions":["create"],"before":null,"after":{"block_public_acls":true,"block_public_policy":true,"ignore_public_acls":true,"restrict_public_buckets":true},"after_unknown":{"bucket":true,"id":true},"before_sensitive":false,"after_sensitive":{}}},{"address":"aws_s3_bucket_server_side_encryption_configuration.this","mode":"managed","type":"aws_s3_bucket_server_side_encryption_configuration","name":"this","provider_name":"registry.terraform.io/hashicorp/aws","change":{"actions":["create"],"before":null,"after":{"expected_bucket_owner":null,"rule":[{"apply_server_side_encryption_by_default":[{"kms_master_key_id":"","sse_algorithm":"AES256"}],"bucket_key_enabled":null}]},"after_unknown":{"bucket":true,"id":true,"rule":[{"apply_server_side_encryption_by_default":[{}]}]},"before_sensitive":false,"after_sensitive":{"rule":[{"apply_server_side_encryption_by_default":[{}]}]}}},{"address":"aws_s3_bucket_versioning.this","mode":"managed","type":"aws_s3_bucket_versioning","name":"this","provider_name":"registry.terraform.io/hashicorp/aws","change":{"actions":["create"],"before":null,"after":{"expected_bucket_owner":null,"mfa":null,"versioning_configuration":[{"status":"Enabled"}]},"after_unknown":{"bucket":true,"id":true,"versioning_configuration":[{"mfa_delete":true}]},"before_sensitive":false,"after_sensitive":{"versioning_configuration":[{}]}}}],"output_changes":{"bucket_arn":{"actions":["create"],"before":null,"after_unknown":true,"before_sensitive":false,"after_sensitive":false},"bucket_name":{"actions":["create"],"before":null,"after":"versionedexample","after_unknown":false,"before_sensitive":false,"after_sensitive":false}},"prior_state":{"format_version":"1.0","terraform_version":"1.13.5","values":{"outputs":{"bucket_name":{"sensitive":false,"value":"versionedexample","type":"string"}},"root_module":{}}},"configuration":{"provider_config":{"aws":{"name":"aws","full_name":"registry.terraform.io/hashicorp/aws","version_constraint":"~\u003e 5.0","expressions":{"default_tags":[{"tags":{"references":["var.tags"]}}],"region":{"references":["var.aws_region"]}}}},"root_module":{"outputs":{"bucket_arn":{"expression":{"references":["aws_s3_bucket.versioned.arn","aws_s3_bucket.versioned"]},"description":"ARN of the S3 bucket used by the application."},"bucket_name":{"expression":{"references":["aws_s3_bucket.versioned.bucket","aws_s3_bucket.versioned"]},"description":"Name of the S3 bucket used by the application."}},"resources":[{"address":"aws_s3_bucket.versioned","mode":"managed","type":"aws_s3_bucket","name":"versioned","provider_config_key":"aws","expressions":{"bucket":{"references":["var.bucket_name"]},"force_destroy":{"constant_value":false}},"schema_version":0},{"address":"aws_s3_bucket_public_access_block.this","mode":"managed","type":"aws_s3_bucket_public_access_block","name":"this","provider_config_key":"aws","expressions":{"block_public_acls":{"constant_value":true},"block_public_policy":{"constant_value":true},"bucket":{"references":["aws_s3_bucket.versioned.id","aws_s3_bucket.versioned"]},"ignore_public_acls":{"constant_value":true},"restrict_public_buckets":{"constant_value":true}},"schema_version":0},{"address":"aws_s3_bucket_server_side_encryption_configuration.this","mode":"managed","type":"aws_s3_bucket_server_side_encryption_configuration","name":"this","provider_config_key":"aws","expressions":{"bucket":{"references":["aws_s3_bucket.versioned.id","aws_s3_bucket.versioned"]},"rule":[{"apply_server_side_encryption_by_default":[{"sse_algorithm":{"constant_value":"AES256"}}]}]},"schema_version":0},{"address":"aws_s3_bucket_versioning.this","mode":"managed","type":"aws_s3_bucket_versioning","name":"this","provider_config_key":"aws","expressions":{"bucket":{"references":["aws_s3_bucket.versioned.id","aws_s3_bucket.versioned"]},"versioning_configuration":[{"status":{"constant_value":"Enabled"}}]},"schema_version":0}],"variables":{"aws_region":{"default":"us-east-1","description":"AWS region to deploy into."},"bucket_name":{"default":"versionedexample","description":"S3 bucket name to store versioned objects. Must be globally unique."},"name":{"default":"s3-versioning-demo","description":"Name prefix for resources."},"tags":{"default":{"Managed":"terraform","Project":"s3-versioning-demo"},"description":"Tags applied to all supported resources."}}}},"relevant_attributes":[{"resource":"aws_s3_bucket.versioned","attribute":["arn"]},{"resource":"aws_s3_bucket.versioned","attribute":["bucket"]},{"resource":"aws_s3_bucket.versioned","attribute":["id"]}],"timestamp":"2026-01-27T02:58:52Z","applyable":true,"complete":true,"errored":false}
