
Terraform used the selected providers to generate the following execution
plan. Resource actions are indicated with the following symbols:
  + create

Terraform will perform the following actions:

  # local_file.inventory will be created
  + resource "local_file" "inventory" {
      + content              = (known after apply)
      + content_base64sha256 = (known after apply)
      + content_base64sha512 = (known after apply)
      + content_md5          = (known after apply)
      + content_sha1         = (known after apply)
      + content_sha256       = (known after apply)
      + content_sha512       = (known after apply)
      + directory_permission = "0777"
      + file_permission      = "0777"
      + filename             = "./inventory/hosts.ini"
      + id                   = (known after apply)
    }

  # yandex_compute_instance.vm-1 will be created
  + resource "yandex_compute_instance" "vm-1" {
      + created_at                = (known after apply)
      + folder_id                 = (known after apply)
      + fqdn                      = (known after apply)
      + gpu_cluster_id            = (known after apply)
      + hardware_generation       = (known after apply)
      + hostname                  = (known after apply)
      + id                        = (known after apply)
      + maintenance_grace_period  = (known after apply)
      + maintenance_policy        = (known after apply)
      + metadata                  = {
          + "user-data" = <<-EOT
                #cloud-config
                users:
                  - name: ubuntu
                    groups: sudo
                    shell: /bin/bash
                    sudo: ['ALL=(ALL) NOPASSWD:ALL']
                    ssh_authorized_keys:
                      - ssh-rsa <ssh-rsa>
            EOT
        }
      + name                      = "dev"
      + network_acceleration_type = "standard"
      + platform_id               = "standard-v1"
      + status                    = (known after apply)
      + zone                      = (known after apply)

      + boot_disk {
          + auto_delete = true
          + device_name = (known after apply)
          + disk_id     = (known after apply)
          + mode        = (known after apply)

          + initialize_params {
              + block_size  = (known after apply)
              + description = (known after apply)
              + image_id    = "fd8ju9iqf6g5bcq77jns"
              + name        = (known after apply)
              + size        = (known after apply)
              + snapshot_id = (known after apply)
              + type        = "network-hdd"
            }
        }

      + metadata_options (known after apply)

      + network_interface {
          + index          = (known after apply)
          + ip_address     = (known after apply)
          + ipv4           = true
          + ipv6           = (known after apply)
          + ipv6_address   = (known after apply)
          + mac_address    = (known after apply)
          + nat            = true
          + nat_ip_address = (known after apply)
          + nat_ip_version = (known after apply)
          + subnet_id      = (known after apply)
        }

      + placement_policy (known after apply)

      + resources {
          + core_fraction = 100
          + cores         = 2
          + memory        = 2
        }

      + scheduling_policy (known after apply)
    }

  # yandex_compute_instance.vm-2 will be created
  + resource "yandex_compute_instance" "vm-2" {
      + created_at                = (known after apply)
      + folder_id                 = (known after apply)
      + fqdn                      = (known after apply)
      + gpu_cluster_id            = (known after apply)
      + hardware_generation       = (known after apply)
      + hostname                  = (known after apply)
      + id                        = (known after apply)
      + maintenance_grace_period  = (known after apply)
      + maintenance_policy        = (known after apply)
      + metadata                  = {
          + "user-data" = <<-EOT
                #cloud-config
                users:
                  - name: ubuntu
                    groups: sudo
                    shell: /bin/bash
                    sudo: ['ALL=(ALL) NOPASSWD:ALL']
                    ssh_authorized_keys:
                      - ssh-rsa <ssh-rsa>
            EOT
        }
      + name                      = "prod"
      + network_acceleration_type = "standard"
      + platform_id               = "standard-v1"
      + status                    = (known after apply)
      + zone                      = (known after apply)

      + boot_disk {
          + auto_delete = true
          + device_name = (known after apply)
          + disk_id     = (known after apply)
          + mode        = (known after apply)

          + initialize_params {
              + block_size  = (known after apply)
              + description = (known after apply)
              + image_id    = "fd8ju9iqf6g5bcq77jns"
              + name        = (known after apply)
              + size        = (known after apply)
              + snapshot_id = (known after apply)
              + type        = "network-hdd"
            }
        }

      + metadata_options (known after apply)

      + network_interface {
          + index          = (known after apply)
          + ip_address     = (known after apply)
          + ipv4           = true
          + ipv6           = (known after apply)
          + ipv6_address   = (known after apply)
          + mac_address    = (known after apply)
          + nat            = true
          + nat_ip_address = (known after apply)
          + nat_ip_version = (known after apply)
          + subnet_id      = (known after apply)
        }

      + placement_policy (known after apply)

      + resources {
          + core_fraction = 100
          + cores         = 2
          + memory        = 2
        }

      + scheduling_policy (known after apply)
    }

  # yandex_vpc_network.network-1 will be created
  + resource "yandex_vpc_network" "network-1" {
      + created_at                = (known after apply)
      + default_security_group_id = (known after apply)
      + folder_id                 = (known after apply)
      + id                        = (known after apply)
      + labels                    = (known after apply)
      + name                      = "network1"
      + subnet_ids                = (known after apply)
    }

  # yandex_vpc_subnet.subnet-1 will be created
  + resource "yandex_vpc_subnet" "subnet-1" {
      + created_at     = (known after apply)
      + folder_id      = (known after apply)
      + id             = (known after apply)
      + labels         = (known after apply)
      + name           = "subnet1"
      + network_id     = (known after apply)
      + v4_cidr_blocks = [
          + "10.128.0.0/24",
        ]
      + v6_cidr_blocks = (known after apply)
      + zone           = "ru-central1-a"
    }

Plan: 5 to add, 0 to change, 0 to destroy.

Changes to Outputs:
  + external_ip_address_vm_1 = (known after apply)
  + external_ip_address_vm_2 = (known after apply)
  + internal_ip_address_vm_1 = (known after apply)
  + internal_ip_address_vm_2 = (known after apply)
yandex_vpc_network.network-1: Creating...
