{"format_version":"1.2","terraform_version":"1.13.5","planned_values":{"outputs":{"external_ip_address_vm_1":{"sensitive":false},"external_ip_address_vm_2":{"sensitive":false},"internal_ip_address_vm_1":{"sensitive":false},"internal_ip_address_vm_2":{"sensitive":false}},"root_module":{"resources":[{"address":"local_file.inventory","mode":"managed","type":"local_file","name":"inventory","provider_name":"registry.terraform.io/hashicorp/local","schema_version":0,"values":{"content_base64":null,"directory_permission":"0777","file_permission":"0777","filename":"./inventory/hosts.ini","sensitive_content":null,"source":null},"sensitive_values":{"sensitive_content":true}},{"address":"yandex_compute_instance.vm-1","mode":"managed","type":"yandex_compute_instance","name":"vm-1","provider_name":"registry.terraform.io/yandex-cloud/yandex","schema_version":1,"values":{"allow_recreate":null,"allow_stopping_for_update":null,"boot_disk":[{"auto_delete":true,"initialize_params":[{"image_id":"fd8ju9iqf6g5bcq77jns","kms_key_id":null,"type":"network-hdd"}]}],"description":null,"filesystem":[],"labels":null,"local_disk":[],"metadata":{"user-data":"#cloud-config\nusers:\n  - name: ubuntu\n    groups: sudo\n    shell: /bin/bash\n    sudo: ['ALL=(ALL) NOPASSWD:ALL']\n    ssh_authorized_keys:\n      - ssh-rsa <ssh-rsa>"},"name":"dev","network_acceleration_type":"standard","network_interface":[{"dns_record":[],"ipv4":true,"ipv6_dns_record":[],"nat":true,"nat_dns_record":[],"security_group_ids":null}],"platform_id":"standard-v1","resources":[{"core_fraction":100,"cores":2,"gpus":null,"memory":2}],"secondary_disk":[],"service_account_id":null,"timeouts":null},"sensitive_values":{"boot_disk":[{"initialize_params":[{}]}],"filesystem":[],"hardware_generation":[],"local_disk":[],"metadata":{},"metadata_options":[],"network_interface":[{"dns_record":[],"ipv6_dns_record":[],"nat_dns_record":[]}],"placement_policy":[],"resources":[{}],"scheduling_policy":[],"secondary_disk":[]}},{"address":"yandex_compute_instance.vm-2","mode":"managed","type":"yandex_compute_instance","name":"vm-2","provider_name":"registry.terraform.io/yandex-cloud/yandex","schema_version":1,"values":{"allow_recreate":null,"allow_stopping_for_update":null,"boot_disk":[{"auto_delete":true,"initialize_params":[{"image_id":"fd8ju9iqf6g5bcq77jns","kms_key_id":null,"type":"network-hdd"}]}],"description":null,"filesystem":[],"labels":null,"local_disk":[],"metadata":{"user-data":"#cloud-config\nusers:\n  - name: ubuntu\n    groups: sudo\n    shell: /bin/bash\n    sudo: ['ALL=(ALL) NOPASSWD:ALL']\n    ssh_authorized_keys:\n      - ssh-rsa <ssh-rsa>"},"name":"prod","network_acceleration_type":"standard","network_interface":[{"dns_record":[],"ipv4":true,"ipv6_dns_record":[],"nat":true,"nat_dns_record":[],"security_group_ids":null}],"platform_id":"standard-v1","resources":[{"core_fraction":100,"cores":2,"gpus":null,"memory":2}],"secondary_disk":[],"service_account_id":null,"timeouts":null},"sensitive_values":{"boot_disk":[{"initialize_params":[{}]}],"filesystem":[],"hardware_generation":[],"local_disk":[],"metadata":{},"metadata_options":[],"network_interface":[{"dns_record":[],"ipv6_dns_record":[],"nat_dns_record":[]}],"placement_policy":[],"resources":[{}],"scheduling_policy":[],"secondary_disk":[]}},{"address":"yandex_vpc_network.network-1","mode":"managed","type":"yandex_vpc_network","name":"network-1","provider_name":"registry.terraform.io/yandex-cloud/yandex","schema_version":0,"values":{"description":null,"name":"network1","timeouts":null},"sensitive_values":{"labels":{},"subnet_ids":[]}},{"address":"yandex_vpc_subnet.subnet-1","mode":"managed","type":"yandex_vpc_subnet","name":"subnet-1","provider_name":"registry.terraform.io/yandex-cloud/yandex","schema_version":0,"values":{"description":null,"dhcp_options":[],"name":"subnet1","route_table_id":null,"timeouts":null,"v4_cidr_blocks":["10.128.0.0/24"],"zone":"ru-central1-a"},"sensitive_values":{"dhcp_options":[],"labels":{},"v4_cidr_blocks":[false],"v6_cidr_blocks":[]}}]}},"resource_changes":[{"address":"local_file.inventory","mode":"managed","type":"local_file","name":"inventory","provider_name":"registry.terraform.io/hashicorp/local","change":{"actions":["create"],"before":null,"after":{"content_base64":null,"directory_permission":"0777","file_permission":"0777","filename":"./inventory/hosts.ini","sensitive_content":null,"source":null},"after_unknown":{"content":true,"content_base64sha256":true,"content_base64sha512":true,"content_md5":true,"content_sha1":true,"content_sha256":true,"content_sha512":true,"id":true},"before_sensitive":false,"after_sensitive":{"sensitive_content":true}}},{"address":"yandex_compute_instance.vm-1","mode":"managed","type":"yandex_compute_instance","name":"vm-1","provider_name":"registry.terraform.io/yandex-cloud/yandex","change":{"actions":["create"],"before":null,"after":{"allow_recreate":null,"allow_stopping_for_update":null,"boot_disk":[{"auto_delete":true,"initialize_params":[{"image_id":"fd8ju9iqf6g5bcq77jns","kms_key_id":null,"type":"network-hdd"}]}],"description":null,"filesystem":[],"labels":null,"local_disk":[],"metadata":{"user-data":"#cloud-config\nusers:\n  - name: ubuntu\n    groups: sudo\n    shell: /bin/bash\n    sudo: ['ALL=(ALL) NOPASSWD:ALL']\n    ssh_authorized_keys:\n      - ssh-rsa <ssh-rsa>"},"name":"dev","network_acceleration_type":"standard","network_interface":[{"dns_record":[],"ipv4":true,"ipv6_dns_record":[],"nat":true,"nat_dns_record":[],"security_group_ids":null}],"platform_id":"standard-v1","resources":[{"core_fraction":100,"cores":2,"gpus":null,"memory":2}],"secondary_disk":[],"service_account_id":null,"timeouts":null},"after_unknown":{"boot_disk":[{"device_name":true,"disk_id":true,"initialize_params":[{"block_size":true,"description":true,"name":true,"size":true,"snapshot_id":true}],"mode":true}],"created_at":true,"filesystem":[],"folder_id":true,"fqdn":true,"gpu_cluster_id":true,"hardware_generation":true,"hostname":true,"id":true,"local_disk":[],"maintenance_grace_period":true,"maintenance_policy":true,"metadata":{},"metadata_options":true,"network_interface":[{"dns_record":[],"index":true,"ip_address":true,"ipv6":true,"ipv6_address":true,"ipv6_dns_record":[],"mac_address":true,"nat_dns_record":[],"nat_ip_address":true,"nat_ip_version":true,"subnet_id":true}],"placement_policy":true,"resources":[{}],"scheduling_policy":true,"secondary_disk":[],"status":true,"zone":true},"before_sensitive":false,"after_sensitive":{"boot_disk":[{"initialize_params":[{}]}],"filesystem":[],"hardware_generation":[],"local_disk":[],"metadata":{},"metadata_options":[],"network_interface":[{"dns_record":[],"ipv6_dns_record":[],"nat_dns_record":[]}],"placement_policy":[],"resources":[{}],"scheduling_policy":[],"secondary_disk":[]}}},{"address":"yandex_compute_instance.vm-2","mode":"managed","type":"yandex_compute_instance","name":"vm-2","provider_name":"registry.terraform.io/yandex-cloud/yandex","change":{"actions":["create"],"before":null,"after":{"allow_recreate":null,"allow_stopping_for_update":null,"boot_disk":[{"auto_delete":true,"initialize_params":[{"image_id":"fd8ju9iqf6g5bcq77jns","kms_key_id":null,"type":"network-hdd"}]}],"description":null,"filesystem":[],"labels":null,"local_disk":[],"metadata":{"user-data":"#cloud-config\nusers:\n  - name: ubuntu\n    groups: sudo\n    shell: /bin/bash\n    sudo: ['ALL=(ALL) NOPASSWD:ALL']\n    ssh_authorized_keys:\n      - ssh-rsa <ssh-rsa>"},"name":"prod","network_acceleration_type":"standard","network_interface":[{"dns_record":[],"ipv4":true,"ipv6_dns_record":[],"nat":true,"nat_dns_record":[],"security_group_ids":null}],"platform_id":"standard-v1","resources":[{"core_fraction":100,"cores":2,"gpus":null,"memory":2}],"secondary_disk":[],"service_account_id":null,"timeouts":null},"after_unknown":{"boot_disk":[{"device_name":true,"disk_id":true,"initialize_params":[{"block_size":true,"description":true,"name":true,"size":true,"snapshot_id":true}],"mode":true}],"created_at":true,"filesystem":[],"folder_id":true,"fqdn":true,"gpu_cluster_id":true,"hardware_generation":true,"hostname":true,"id":true,"local_disk":[],"maintenance_grace_period":true,"maintenance_policy":true,"metadata":{},"metadata_options":true,"network_interface":[{"dns_record":[],"index":true,"ip_address":true,"ipv6":true,"ipv6_address":true,"ipv6_dns_record":[],"mac_address":true,"nat_dns_record":[],"nat_ip_address":true,"nat_ip_version":true,"subnet_id":true}],"placement_policy":true,"resources":[{}],"scheduling_policy":true,"secondary_disk":[],"status":true,"zone":true},"before_sensitive":false,"after_sensitive":{"boot_disk":[{"initialize_params":[{}]}],"filesystem":[],"hardware_generation":[],"local_disk":[],"metadata":{},"metadata_options":[],"network_interface":[{"dns_record":[],"ipv6_dns_record":[],"nat_dns_record":[]}],"placement_policy":[],"resources":[{}],"scheduling_policy":[],"secondary_disk":[]}}},{"address":"yandex_vpc_network.network-1","mode":"managed","type":"yandex_vpc_network","name":"network-1","provider_name":"registry.terraform.io/yandex-cloud/yandex","change":{"actions":["create"],"before":null,"after":{"description":null,"name":"network1","timeouts":null},"after_unknown":{"created_at":true,"default_security_group_id":true,"folder_id":true,"id":true,"labels":true,"subnet_ids":true},"before_sensitive":false,"after_sensitive":{"labels":{},"subnet_ids":[]}}},{"address":"yandex_vpc_subnet.subnet-1","mode":"managed","type":"yandex_vpc_subnet","name":"subnet-1","provider_name":"registry.terraform.io/yandex-cloud/yandex","change":{"actions":["create"],"before":null,"after":{"description":null,"dhcp_options":[],"name":"subnet1","route_table_id":null,"timeouts":null,"v4_cidr_blocks":["10.128.0.0/24"],"zone":"ru-central1-a"},"after_unknown":{"created_at":true,"dhcp_options":[],"folder_id":true,"id":true,"labels":true,"network_id":true,"v4_cidr_blocks":[false],"v6_cidr_blocks":true},"before_sensitive":false,"after_sensitive":{"dhcp_options":[],"labels":{},"v4_cidr_blocks":[false],"v6_cidr_blocks":[]}}}],"output_changes":{"external_ip_address_vm_1":{"actions":["create"],"before":null,"after_unknown":true,"before_sensitive":false,"after_sensitive":false},"external_ip_address_vm_2":{"actions":["create"],"before":null,"after_unknown":true,"before_sensitive":false,"after_sensitive":false},"internal_ip_address_vm_1":{"actions":["create"],"before":null,"after_unknown":true,"before_sensitive":false,"after_sensitive":false},"internal_ip_address_vm_2":{"actions":["create"],"before":null,"after_unknown":true,"before_sensitive":false,"after_sensitive":false}},"configuration":{"provider_config":{"aws":{"name":"aws","full_name":"registry.terraform.io/hashicorp/aws","expressions":{"access_key":{"constant_value":"mock"},"endpoints":[{"apigateway":{"constant_value":"http://localhost:4566"},"apigatewayv2":{"constant_value":"http://localhost:4566"},"cloudwatch":{"constant_value":"http://localhost:4566"},"cloudwatchevents":{"constant_value":"http://localhost:4566"},"dynamodb":{"constant_value":"http://localhost:4566"},"ec2":{"constant_value":"http://localhost:4566"},"ecr":{"constant_value":"http://localhost:4566"},"ecrpublic":{"constant_value":"http://localhost:4566"},"ecs":{"constant_value":"http://localhost:4566"},"efs":{"constant_value":"http://localhost:4566"},"iam":{"constant_value":"http://localhost:4566"},"kinesis":{"constant_value":"http://localhost:4566"},"kms":{"constant_value":"http://localhost:4566"},"lambda":{"constant_value":"http://localhost:4566"},"logs":{"constant_value":"http://localhost:4566"},"route53":{"constant_value":"http://localhost:4566"},"s3":{"constant_value":"http://localhost:4566"},"s3control":{"constant_value":"http://localhost:4566"},"secretsmanager":{"constant_value":"http://localhost:4566"},"sns":{"constant_value":"http://localhost:4566"},"sqs":{"constant_value":"http://localhost:4566"},"ssm":{"constant_value":"http://localhost:4566"},"sts":{"constant_value":"http://localhost:4566"}}],"region":{"constant_value":"us-east-1"},"s3_use_path_style":{"constant_value":true},"secret_key":{"constant_value":"mock"},"skip_credentials_validation":{"constant_value":true},"skip_metadata_api_check":{"constant_value":true},"skip_region_validation":{"constant_value":true},"skip_requesting_account_id":{"constant_value":true}}},"local":{"name":"local","full_name":"registry.terraform.io/hashicorp/local"},"yandex":{"name":"yandex","full_name":"registry.terraform.io/yandex-cloud/yandex","expressions":{"cloud_id":{"constant_value":"myyacloud"},"folder_id":{"constant_value":"b1g1d9s6l3sl8friluq4"},"token":{"constant_value":"<yandex_oauth>"},"zone":{"constant_value":"ru-central1-a"}}}},"root_module":{"outputs":{"external_ip_address_vm_1":{"expression":{"references":["yandex_compute_instance.vm-1.network_interface[0].nat_ip_address","yandex_compute_instance.vm-1.network_interface[0]","yandex_compute_instance.vm-1.network_interface","yandex_compute_instance.vm-1"]}},"external_ip_address_vm_2":{"expression":{"references":["yandex_compute_instance.vm-2.network_interface[0].nat_ip_address","yandex_compute_instance.vm-2.network_interface[0]","yandex_compute_instance.vm-2.network_interface","yandex_compute_instance.vm-2"]}},"internal_ip_address_vm_1":{"expression":{"references":["yandex_compute_instance.vm-1.network_interface[0].ip_address","yandex_compute_instance.vm-1.network_interface[0]","yandex_compute_instance.vm-1.network_interface","yandex_compute_instance.vm-1"]}},"internal_ip_address_vm_2":{"expression":{"references":["yandex_compute_instance.vm-2.network_interface[0].ip_address","yandex_compute_instance.vm-2.network_interface[0]","yandex_compute_instance.vm-2.network_interface","yandex_compute_instance.vm-2"]}}},"resources":[{"address":"local_file.inventory","mode":"managed","type":"local_file","name":"inventory","provider_config_key":"local","expressions":{"content":{"references":["yandex_compute_instance.vm-1.network_interface[0].nat_ip_address","yandex_compute_instance.vm-1.network_interface[0]","yandex_compute_instance.vm-1.network_interface","yandex_compute_instance.vm-1","yandex_compute_instance.vm-2.network_interface[0].nat_ip_address","yandex_compute_instance.vm-2.network_interface[0]","yandex_compute_instance.vm-2.network_interface","yandex_compute_instance.vm-2"]},"filename":{"constant_value":"./inventory/hosts.ini"}},"schema_version":0},{"address":"yandex_compute_instance.vm-1","mode":"managed","type":"yandex_compute_instance","name":"vm-1","provider_config_key":"yandex","expressions":{"boot_disk":[{"initialize_params":[{"image_id":{"constant_value":"fd8ju9iqf6g5bcq77jns"}}]}],"metadata":{},"name":{"constant_value":"dev"},"network_interface":[{"nat":{"constant_value":true},"subnet_id":{"references":["yandex_vpc_subnet.subnet-1.id","yandex_vpc_subnet.subnet-1"]}}],"resources":[{"cores":{"constant_value":2},"memory":{"constant_value":2}}]},"schema_version":1},{"address":"yandex_compute_instance.vm-2","mode":"managed","type":"yandex_compute_instance","name":"vm-2","provider_config_key":"yandex","expressions":{"boot_disk":[{"initialize_params":[{"image_id":{"constant_value":"fd8ju9iqf6g5bcq77jns"}}]}],"metadata":{},"name":{"constant_value":"prod"},"network_interface":[{"nat":{"constant_value":true},"subnet_id":{"references":["yandex_vpc_subnet.subnet-1.id","yandex_vpc_subnet.subnet-1"]}}],"resources":[{"cores":{"constant_value":2},"memory":{"constant_value":2}}]},"schema_version":1,"depends_on":["yandex_compute_instance.vm-1"]},{"address":"yandex_vpc_network.network-1","mode":"managed","type":"yandex_vpc_network","name":"network-1","provider_config_key":"yandex","expressions":{"name":{"constant_value":"network1"}},"schema_version":0},{"address":"yandex_vpc_subnet.subnet-1","mode":"managed","type":"yandex_vpc_subnet","name":"subnet-1","provider_config_key":"yandex","expressions":{"name":{"constant_value":"subnet1"},"network_id":{"references":["yandex_vpc_network.network-1.id","yandex_vpc_network.network-1"]},"v4_cidr_blocks":{"constant_value":["10.128.0.0/24"]},"zone":{"constant_value":"ru-central1-a"}},"schema_version":0}]}},"relevant_attributes":[{"resource":"yandex_vpc_network.network-1","attribute":["id"]},{"resource":"yandex_compute_instance.vm-1","attribute":["network_interface",0,"nat_ip_address"]},{"resource":"yandex_vpc_subnet.subnet-1","attribute":["id"]},{"resource":"yandex_compute_instance.vm-1","attribute":["network_interface",0,"ip_address"]},{"resource":"yandex_compute_instance.vm-2","attribute":["network_interface",0,"nat_ip_address"]},{"resource":"yandex_compute_instance.vm-2","attribute":["network_interface",0,"ip_address"]}],"timestamp":"2026-01-22T20:04:34Z","applyable":true,"complete":true,"errored":false}
