{"format_version":"1.2","terraform_version":"1.13.5","planned_values":{"outputs":{"lb_url":{"sensitive":false}},"root_module":{"resources":[{"address":"aws_autoscaling_group.demo_autoscaling","mode":"managed","type":"aws_autoscaling_group","name":"demo_autoscaling","provider_name":"registry.terraform.io/hashicorp/aws","schema_version":1,"values":{"capacity_rebalance":null,"context":null,"default_instance_warmup":null,"desired_capacity":2,"desired_capacity_type":null,"enabled_metrics":null,"force_delete":false,"force_delete_warm_pool":false,"health_check_grace_period":300,"ignore_failed_scaling_activities":false,"initial_lifecycle_hook":[],"instance_maintenance_policy":[],"instance_refresh":[],"launch_configuration":"placeholder-demo-lc","load_balancers":["demo-elb-elbb"],"max_instance_lifetime":null,"max_size":2,"metrics_granularity":"1Minute","min_elb_capacity":null,"min_size":1,"name":"demo-asg-instance-1","placement_group":null,"protect_from_scale_in":false,"suspended_processes":null,"tag":[{"key":"Name","propagate_at_launch":true,"value":"demo-asg-instance-1"}],"termination_policies":null,"timeouts":null,"wait_for_capacity_timeout":"10m","wait_for_elb_capacity":null,"warm_pool":[]},"sensitive_values":{"availability_zone_distribution":[],"availability_zones":[],"capacity_reservation_specification":[],"initial_lifecycle_hook":[],"instance_maintenance_policy":[],"instance_refresh":[],"launch_template":[],"load_balancers":[false],"mixed_instances_policy":[],"tag":[{}],"target_group_arns":[],"traffic_source":[],"vpc_zone_identifier":[],"warm_pool":[]}},{"address":"aws_elb.demo-elb","mode":"managed","type":"aws_elb","name":"demo-elb","provider_name":"registry.terraform.io/hashicorp/aws","schema_version":0,"values":{"access_logs":[],"connection_draining":false,"connection_draining_timeout":300,"cross_zone_load_balancing":true,"desync_mitigation_mode":"defensive","health_check":[{"healthy_threshold":2,"interval":29,"target":"HTTP:80/","timeout":3,"unhealthy_threshold":2}],"idle_timeout":60,"listener":[{"instance_port":80,"instance_protocol":"http","lb_port":80,"lb_protocol":"http","ssl_certificate_id":""}],"name":"demo-elb-elbb","tags":null,"timeouts":null},"sensitive_values":{"access_logs":[],"availability_zones":[],"health_check":[{}],"instances":[],"listener":[{}],"security_groups":[],"subnets":[],"tags_all":{}}},{"address":"aws_internet_gateway.ig-demo","mode":"managed","type":"aws_internet_gateway","name":"ig-demo","provider_name":"registry.terraform.io/hashicorp/aws","schema_version":0,"values":{"tags":{"Author":"Mateo Matta","Name":"Principal Internet Gateway"},"tags_all":{"Author":"Mateo Matta","Name":"Principal Internet Gateway"},"timeouts":null},"sensitive_values":{"tags":{},"tags_all":{}}},{"address":"aws_launch_configuration.demo_configuration","mode":"managed","type":"aws_launch_configuration","name":"demo_configuration","provider_name":"registry.terraform.io/hashicorp/aws","schema_version":0,"values":{"associate_public_ip_address":true,"enable_monitoring":true,"ephemeral_block_device":[],"iam_instance_profile":null,"image_id":"ami-0261755bbcb8c4a84","instance_type":"t2.micro","key_name":"candidate","name":"placeholder-demo-lc","placement_tenancy":null,"spot_price":null,"user_data":"7bc5091ee5c3d6e9c479c20b7c69604d794bd4ea","user_data_base64":null},"sensitive_values":{"ebs_block_device":[],"ephemeral_block_device":[],"metadata_options":[],"root_block_device":[],"security_groups":[]}},{"address":"aws_route_table.demo_route_table","mode":"managed","type":"aws_route_table","name":"demo_route_table","provider_name":"registry.terraform.io/hashicorp/aws","schema_version":0,"values":{"route":[{"carrier_gateway_id":"","cidr_block":"0.0.0.0/0","core_network_arn":"","destination_prefix_list_id":"","egress_only_gateway_id":"","ipv6_cidr_block":"","local_gateway_id":"","nat_gateway_id":"","network_interface_id":"","transit_gateway_id":"","vpc_endpoint_id":"","vpc_peering_connection_id":""}],"tags":{"Name":"demo-rtb"},"tags_all":{"Name":"demo-rtb"},"timeouts":null},"sensitive_values":{"propagating_vgws":[],"route":[{}],"tags":{},"tags_all":{}}},{"address":"aws_route_table_association.public1","mode":"managed","type":"aws_route_table_association","name":"public1","provider_name":"registry.terraform.io/hashicorp/aws","schema_version":0,"values":{"gateway_id":null,"timeouts":null},"sensitive_values":{}},{"address":"aws_s3_bucket.s3Bucket","mode":"managed","type":"aws_s3_bucket","name":"s3Bucket","provider_name":"registry.terraform.io/hashicorp/aws","schema_version":0,"values":{"bucket":"terraform-resources-test","force_destroy":false,"tags":null,"timeouts":null},"sensitive_values":{"cors_rule":[],"grant":[],"lifecycle_rule":[],"logging":[],"object_lock_configuration":[],"replication_configuration":[],"server_side_encryption_configuration":[],"tags_all":{},"versioning":[],"website":[]}},{"address":"aws_s3_bucket_policy.allow_access_from_another_account","mode":"managed","type":"aws_s3_bucket_policy","name":"allow_access_from_another_account","provider_name":"registry.terraform.io/hashicorp/aws","schema_version":0,"sensitive_values":{}},{"address":"aws_s3_bucket_versioning.versioning_for_s3Bucket","mode":"managed","type":"aws_s3_bucket_versioning","name":"versioning_for_s3Bucket","provider_name":"registry.terraform.io/hashicorp/aws","schema_version":0,"values":{"expected_bucket_owner":null,"mfa":null,"versioning_configuration":[{"status":"Enabled"}]},"sensitive_values":{"versioning_configuration":[{}]}},{"address":"aws_security_group.demo-sg-01","mode":"managed","type":"aws_security_group","name":"demo-sg-01","provider_name":"registry.terraform.io/hashicorp/aws","schema_version":1,"values":{"description":"Allow SSH and web ports for inbound traffic","egress":[{"cidr_blocks":["0.0.0.0/0"],"description":"","from_port":0,"ipv6_cidr_blocks":["::/0"],"prefix_list_ids":[],"protocol":"-1","security_groups":[],"self":false,"to_port":0}],"ingress":[{"cidr_blocks":["0.0.0.0/0"],"description":"SSH connection from VPC","from_port":22,"ipv6_cidr_blocks":[],"prefix_list_ids":[],"protocol":"tcp","security_groups":[],"self":false,"to_port":22},{"cidr_blocks":["0.0.0.0/0"],"description":"TLS from VPC","from_port":443,"ipv6_cidr_blocks":[],"prefix_list_ids":[],"protocol":"tcp","security_groups":[],"self":false,"to_port":443},{"cidr_blocks":["0.0.0.0/0"],"description":"Web server port from VPC","from_port":80,"ipv6_cidr_blocks":[],"prefix_list_ids":[],"protocol":"tcp","security_groups":[],"self":false,"to_port":80}],"name":"allow_ssh_and_web_server_ports","revoke_rules_on_delete":false,"tags":{"Author":"Mateo Matta","Name":"allow_ssh_and_web_ports"},"tags_all":{"Author":"Mateo Matta","Name":"allow_ssh_and_web_ports"},"timeouts":null},"sensitive_values":{"egress":[{"cidr_blocks":[false],"ipv6_cidr_blocks":[false],"prefix_list_ids":[],"security_groups":[]}],"ingress":[{"cidr_blocks":[false],"ipv6_cidr_blocks":[],"prefix_list_ids":[],"security_groups":[]},{"cidr_blocks":[false],"ipv6_cidr_blocks":[],"prefix_list_ids":[],"security_groups":[]},{"cidr_blocks":[false],"ipv6_cidr_blocks":[],"prefix_list_ids":[],"security_groups":[]}],"tags":{},"tags_all":{}}},{"address":"aws_subnet.demo-sub-01","mode":"managed","type":"aws_subnet","name":"demo-sub-01","provider_name":"registry.terraform.io/hashicorp/aws","schema_version":1,"values":{"assign_ipv6_address_on_creation":false,"availability_zone":"us-east-1a","cidr_block":"10.1.0.0/16","customer_owned_ipv4_pool":null,"enable_dns64":false,"enable_lni_at_device_index":null,"enable_resource_name_dns_a_record_on_launch":false,"enable_resource_name_dns_aaaa_record_on_launch":false,"ipv6_cidr_block":null,"ipv6_native":false,"map_customer_owned_ip_on_launch":null,"map_public_ip_on_launch":true,"outpost_arn":null,"tags":{"Author":"Mateo Matta","Name":"Particular subnet for us-east-1"},"tags_all":{"Author":"Mateo Matta","Name":"Particular subnet for us-east-1"},"timeouts":null},"sensitive_values":{"tags":{},"tags_all":{}}},{"address":"aws_vpc.demo-vpc","mode":"managed","type":"aws_vpc","name":"demo-vpc","provider_name":"registry.terraform.io/hashicorp/aws","schema_version":1,"values":{"assign_generated_ipv6_cidr_block":null,"cidr_block":"10.1.0.0/16","enable_dns_support":true,"instance_tenancy":"default","ipv4_ipam_pool_id":null,"ipv4_netmask_length":null,"ipv6_ipam_pool_id":null,"ipv6_netmask_length":null,"tags":{"Author":"Mateo Matta","Name":"Particular VPC"},"tags_all":{"Author":"Mateo Matta","Name":"Particular VPC"}},"sensitive_values":{"tags":{},"tags_all":{}}},{"address":"data.aws_iam_policy_document.allow_access_from_another_account","mode":"data","type":"aws_iam_policy_document","name":"allow_access_from_another_account","provider_name":"registry.terraform.io/hashicorp/aws","schema_version":0,"values":{"override_json":null,"override_policy_documents":null,"policy_id":null,"source_json":null,"source_policy_documents":null,"statement":[{"actions":["s3:GetObject","s3:ListBucket"],"condition":[],"effect":null,"not_actions":null,"not_principals":[],"not_resources":null,"principals":[{"identifiers":["729158664723"],"type":"AWS"}],"resources":[null,null],"sid":null}],"version":null},"sensitive_values":{"statement":[{"actions":[false,false],"condition":[],"not_principals":[],"principals":[{"identifiers":[false]}],"resources":[false,false]}]}}]}},"resource_changes":[{"address":"data.aws_iam_policy_document.allow_access_from_another_account","mode":"data","type":"aws_iam_policy_document","name":"allow_access_from_another_account","provider_name":"registry.terraform.io/hashicorp/aws","change":{"actions":["read"],"before":null,"after":{"override_json":null,"override_policy_documents":null,"policy_id":null,"source_json":null,"source_policy_documents":null,"statement":[{"actions":["s3:GetObject","s3:ListBucket"],"condition":[],"effect":null,"not_actions":null,"not_principals":[],"not_resources":null,"principals":[{"identifiers":["729158664723"],"type":"AWS"}],"resources":[null,null],"sid":null}],"version":null},"after_unknown":{"id":true,"json":true,"minified_json":true,"statement":[{"actions":[false,false],"condition":[],"not_principals":[],"principals":[{"identifiers":[false]}],"resources":[true,true]}]},"before_sensitive":false,"after_sensitive":{"statement":[{"actions":[false,false],"condition":[],"not_principals":[],"principals":[{"identifiers":[false]}],"resources":[false,false]}]}},"action_reason":"read_because_config_unknown"},{"address":"aws_autoscaling_group.demo_autoscaling","mode":"managed","type":"aws_autoscaling_group","name":"demo_autoscaling","provider_name":"registry.terraform.io/hashicorp/aws","change":{"actions":["create"],"before":null,"after":{"capacity_rebalance":null,"context":null,"default_instance_warmup":null,"desired_capacity":2,"desired_capacity_type":null,"enabled_metrics":null,"force_delete":false,"force_delete_warm_pool":false,"health_check_grace_period":300,"ignore_failed_scaling_activities":false,"initial_lifecycle_hook":[],"instance_maintenance_policy":[],"instance_refresh":[],"launch_configuration":"placeholder-demo-lc","load_balancers":["demo-elb-elbb"],"max_instance_lifetime":null,"max_size":2,"metrics_granularity":"1Minute","min_elb_capacity":null,"min_size":1,"name":"demo-asg-instance-1","placement_group":null,"protect_from_scale_in":false,"suspended_processes":null,"tag":[{"key":"Name","propagate_at_launch":true,"value":"demo-asg-instance-1"}],"termination_policies":null,"timeouts":null,"wait_for_capacity_timeout":"10m","wait_for_elb_capacity":null,"warm_pool":[]},"after_unknown":{"arn":true,"availability_zone_distribution":true,"availability_zones":true,"capacity_reservation_specification":true,"default_cooldown":true,"health_check_type":true,"id":true,"initial_lifecycle_hook":[],"instance_maintenance_policy":[],"instance_refresh":[],"launch_template":true,"load_balancers":[false],"mixed_instances_policy":true,"name_prefix":true,"predicted_capacity":true,"service_linked_role_arn":true,"tag":[{}],"target_group_arns":true,"traffic_source":true,"vpc_zone_identifier":true,"warm_pool":[],"warm_pool_size":true},"before_sensitive":false,"after_sensitive":{"availability_zone_distribution":[],"availability_zones":[],"capacity_reservation_specification":[],"initial_lifecycle_hook":[],"instance_maintenance_policy":[],"instance_refresh":[],"launch_template":[],"load_balancers":[false],"mixed_instances_policy":[],"tag":[{}],"target_group_arns":[],"traffic_source":[],"vpc_zone_identifier":[],"warm_pool":[]}}},{"address":"aws_elb.demo-elb","mode":"managed","type":"aws_elb","name":"demo-elb","provider_name":"registry.terraform.io/hashicorp/aws","change":{"actions":["create"],"before":null,"after":{"access_logs":[],"connection_draining":false,"connection_draining_timeout":300,"cross_zone_load_balancing":true,"desync_mitigation_mode":"defensive","health_check":[{"healthy_threshold":2,"interval":29,"target":"HTTP:80/","timeout":3,"unhealthy_threshold":2}],"idle_timeout":60,"listener":[{"instance_port":80,"instance_protocol":"http","lb_port":80,"lb_protocol":"http","ssl_certificate_id":""}],"name":"demo-elb-elbb","tags":null,"timeouts":null},"after_unknown":{"access_logs":[],"arn":true,"availability_zones":true,"dns_name":true,"health_check":[{}],"id":true,"instances":true,"internal":true,"listener":[{}],"name_prefix":true,"security_groups":true,"source_security_group":true,"source_security_group_id":true,"subnets":true,"tags_all":true,"zone_id":true},"before_sensitive":false,"after_sensitive":{"access_logs":[],"availability_zones":[],"health_check":[{}],"instances":[],"listener":[{}],"security_groups":[],"subnets":[],"tags_all":{}}}},{"address":"aws_internet_gateway.ig-demo","mode":"managed","type":"aws_internet_gateway","name":"ig-demo","provider_name":"registry.terraform.io/hashicorp/aws","change":{"actions":["create"],"before":null,"after":{"tags":{"Author":"Mateo Matta","Name":"Principal Internet Gateway"},"tags_all":{"Author":"Mateo Matta","Name":"Principal Internet Gateway"},"timeouts":null},"after_unknown":{"arn":true,"id":true,"owner_id":true,"tags":{},"tags_all":{},"vpc_id":true},"before_sensitive":false,"after_sensitive":{"tags":{},"tags_all":{}}}},{"address":"aws_launch_configuration.demo_configuration","mode":"managed","type":"aws_launch_configuration","name":"demo_configuration","provider_name":"registry.terraform.io/hashicorp/aws","change":{"actions":["create"],"before":null,"after":{"associate_public_ip_address":true,"enable_monitoring":true,"ephemeral_block_device":[],"iam_instance_profile":null,"image_id":"ami-0261755bbcb8c4a84","instance_type":"t2.micro","key_name":"candidate","name":"placeholder-demo-lc","placement_tenancy":null,"spot_price":null,"user_data":"7bc5091ee5c3d6e9c479c20b7c69604d794bd4ea","user_data_base64":null},"after_unknown":{"arn":true,"ebs_block_device":true,"ebs_optimized":true,"ephemeral_block_device":[],"id":true,"metadata_options":true,"name_prefix":true,"root_block_device":true,"security_groups":true},"before_sensitive":false,"after_sensitive":{"ebs_block_device":[],"ephemeral_block_device":[],"metadata_options":[],"root_block_device":[],"security_groups":[]}}},{"address":"aws_route_table.demo_route_table","mode":"managed","type":"aws_route_table","name":"demo_route_table","provider_name":"registry.terraform.io/hashicorp/aws","change":{"actions":["create"],"before":null,"after":{"route":[{"carrier_gateway_id":"","cidr_block":"0.0.0.0/0","core_network_arn":"","destination_prefix_list_id":"","egress_only_gateway_id":"","ipv6_cidr_block":"","local_gateway_id":"","nat_gateway_id":"","network_interface_id":"","transit_gateway_id":"","vpc_endpoint_id":"","vpc_peering_connection_id":""}],"tags":{"Name":"demo-rtb"},"tags_all":{"Name":"demo-rtb"},"timeouts":null},"after_unknown":{"arn":true,"id":true,"owner_id":true,"propagating_vgws":true,"route":[{"gateway_id":true}],"tags":{},"tags_all":{},"vpc_id":true},"before_sensitive":false,"after_sensitive":{"propagating_vgws":[],"route":[{}],"tags":{},"tags_all":{}}}},{"address":"aws_route_table_association.public1","mode":"managed","type":"aws_route_table_association","name":"public1","provider_name":"registry.terraform.io/hashicorp/aws","change":{"actions":["create"],"before":null,"after":{"gateway_id":null,"timeouts":null},"after_unknown":{"id":true,"route_table_id":true,"subnet_id":true},"before_sensitive":false,"after_sensitive":{}}},{"address":"aws_s3_bucket.s3Bucket","mode":"managed","type":"aws_s3_bucket","name":"s3Bucket","provider_name":"registry.terraform.io/hashicorp/aws","change":{"actions":["create"],"before":null,"after":{"bucket":"terraform-resources-test","force_destroy":false,"tags":null,"timeouts":null},"after_unknown":{"acceleration_status":true,"acl":true,"arn":true,"bucket_domain_name":true,"bucket_prefix":true,"bucket_regional_domain_name":true,"cors_rule":true,"grant":true,"hosted_zone_id":true,"id":true,"lifecycle_rule":true,"logging":true,"object_lock_configuration":true,"object_lock_enabled":true,"policy":true,"region":true,"replication_configuration":true,"request_payer":true,"server_side_encryption_configuration":true,"tags_all":true,"versioning":true,"website":true,"website_domain":true,"website_endpoint":true},"before_sensitive":false,"after_sensitive":{"cors_rule":[],"grant":[],"lifecycle_rule":[],"logging":[],"object_lock_configuration":[],"replication_configuration":[],"server_side_encryption_configuration":[],"tags_all":{},"versioning":[],"website":[]}}},{"address":"aws_s3_bucket_policy.allow_access_from_another_account","mode":"managed","type":"aws_s3_bucket_policy","name":"allow_access_from_another_account","provider_name":"registry.terraform.io/hashicorp/aws","change":{"actions":["create"],"before":null,"after":{},"after_unknown":{"bucket":true,"id":true,"policy":true},"before_sensitive":false,"after_sensitive":{}}},{"address":"aws_s3_bucket_versioning.versioning_for_s3Bucket","mode":"managed","type":"aws_s3_bucket_versioning","name":"versioning_for_s3Bucket","provider_name":"registry.terraform.io/hashicorp/aws","change":{"actions":["create"],"before":null,"after":{"expected_bucket_owner":null,"mfa":null,"versioning_configuration":[{"status":"Enabled"}]},"after_unknown":{"bucket":true,"id":true,"versioning_configuration":[{"mfa_delete":true}]},"before_sensitive":false,"after_sensitive":{"versioning_configuration":[{}]}}},{"address":"aws_security_group.demo-sg-01","mode":"managed","type":"aws_security_group","name":"demo-sg-01","provider_name":"registry.terraform.io/hashicorp/aws","change":{"actions":["create"],"before":null,"after":{"description":"Allow SSH and web ports for inbound traffic","egress":[{"cidr_blocks":["0.0.0.0/0"],"description":"","from_port":0,"ipv6_cidr_blocks":["::/0"],"prefix_list_ids":[],"protocol":"-1","security_groups":[],"self":false,"to_port":0}],"ingress":[{"cidr_blocks":["0.0.0.0/0"],"description":"SSH connection from VPC","from_port":22,"ipv6_cidr_blocks":[],"prefix_list_ids":[],"protocol":"tcp","security_groups":[],"self":false,"to_port":22},{"cidr_blocks":["0.0.0.0/0"],"description":"TLS from VPC","from_port":443,"ipv6_cidr_blocks":[],"prefix_list_ids":[],"protocol":"tcp","security_groups":[],"self":false,"to_port":443},{"cidr_blocks":["0.0.0.0/0"],"description":"Web server port from VPC","from_port":80,"ipv6_cidr_blocks":[],"prefix_list_ids":[],"protocol":"tcp","security_groups":[],"self":false,"to_port":80}],"name":"allow_ssh_and_web_server_ports","revoke_rules_on_delete":false,"tags":{"Author":"Mateo Matta","Name":"allow_ssh_and_web_ports"},"tags_all":{"Author":"Mateo Matta","Name":"allow_ssh_and_web_ports"},"timeouts":null},"after_unknown":{"arn":true,"egress":[{"cidr_blocks":[false],"ipv6_cidr_blocks":[false],"prefix_list_ids":[],"security_groups":[]}],"id":true,"ingress":[{"cidr_blocks":[false],"ipv6_cidr_blocks":[],"prefix_list_ids":[],"security_groups":[]},{"cidr_blocks":[false],"ipv6_cidr_blocks":[],"prefix_list_ids":[],"security_groups":[]},{"cidr_blocks":[false],"ipv6_cidr_blocks":[],"prefix_list_ids":[],"security_groups":[]}],"name_prefix":true,"owner_id":true,"tags":{},"tags_all":{},"vpc_id":true},"before_sensitive":false,"after_sensitive":{"egress":[{"cidr_blocks":[false],"ipv6_cidr_blocks":[false],"prefix_list_ids":[],"security_groups":[]}],"ingress":[{"cidr_blocks":[false],"ipv6_cidr_blocks":[],"prefix_list_ids":[],"security_groups":[]},{"cidr_blocks":[false],"ipv6_cidr_blocks":[],"prefix_list_ids":[],"security_groups":[]},{"cidr_blocks":[false],"ipv6_cidr_blocks":[],"prefix_list_ids":[],"security_groups":[]}],"tags":{},"tags_all":{}}}},{"address":"aws_subnet.demo-sub-01","mode":"managed","type":"aws_subnet","name":"demo-sub-01","provider_name":"registry.terraform.io/hashicorp/aws","change":{"actions":["create"],"before":null,"after":{"assign_ipv6_address_on_creation":false,"availability_zone":"us-east-1a","cidr_block":"10.1.0.0/16","customer_owned_ipv4_pool":null,"enable_dns64":false,"enable_lni_at_device_index":null,"enable_resource_name_dns_a_record_on_launch":false,"enable_resource_name_dns_aaaa_record_on_launch":false,"ipv6_cidr_block":null,"ipv6_native":false,"map_customer_owned_ip_on_launch":null,"map_public_ip_on_launch":true,"outpost_arn":null,"tags":{"Author":"Mateo Matta","Name":"Particular subnet for us-east-1"},"tags_all":{"Author":"Mateo Matta","Name":"Particular subnet for us-east-1"},"timeouts":null},"after_unknown":{"arn":true,"availability_zone_id":true,"id":true,"ipv6_cidr_block_association_id":true,"owner_id":true,"private_dns_hostname_type_on_launch":true,"tags":{},"tags_all":{},"vpc_id":true},"before_sensitive":false,"after_sensitive":{"tags":{},"tags_all":{}}}},{"address":"aws_vpc.demo-vpc","mode":"managed","type":"aws_vpc","name":"demo-vpc","provider_name":"registry.terraform.io/hashicorp/aws","change":{"actions":["create"],"before":null,"after":{"assign_generated_ipv6_cidr_block":null,"cidr_block":"10.1.0.0/16","enable_dns_support":true,"instance_tenancy":"default","ipv4_ipam_pool_id":null,"ipv4_netmask_length":null,"ipv6_ipam_pool_id":null,"ipv6_netmask_length":null,"tags":{"Author":"Mateo Matta","Name":"Particular VPC"},"tags_all":{"Author":"Mateo Matta","Name":"Particular VPC"}},"after_unknown":{"arn":true,"default_network_acl_id":true,"default_route_table_id":true,"default_security_group_id":true,"dhcp_options_id":true,"enable_dns_hostnames":true,"enable_network_address_usage_metrics":true,"id":true,"ipv6_association_id":true,"ipv6_cidr_block":true,"ipv6_cidr_block_network_border_group":true,"main_route_table_id":true,"owner_id":true,"tags":{},"tags_all":{}},"before_sensitive":false,"after_sensitive":{"tags":{},"tags_all":{}}}}],"output_changes":{"lb_url":{"actions":["create"],"before":null,"after_unknown":true,"before_sensitive":false,"after_sensitive":false}},"configuration":{"provider_config":{"aws":{"name":"aws","full_name":"registry.terraform.io/hashicorp/aws","version_constraint":"~\u003e 5.0","expressions":{"region":{"constant_value":"us-east-1"}}}},"root_module":{"outputs":{"lb_url":{"expression":{"references":["aws_elb.demo-elb.dns_name","aws_elb.demo-elb"]},"description":"URL of load balancer"}},"resources":[{"address":"aws_autoscaling_group.demo_autoscaling","mode":"managed","type":"aws_autoscaling_group","name":"demo_autoscaling","provider_config_key":"aws","expressions":{"desired_capacity":{"constant_value":"2"},"launch_configuration":{"references":["aws_launch_configuration.demo_configuration.name","aws_launch_configuration.demo_configuration"]},"load_balancers":{"references":["aws_elb.demo-elb.name","aws_elb.demo-elb"]},"max_size":{"constant_value":"2"},"min_size":{"constant_value":"1"},"name":{"constant_value":"demo-asg-instance-1"},"tag":[{"key":{"constant_value":"Name"},"propagate_at_launch":{"constant_value":true},"value":{"constant_value":"demo-asg-instance-1"}}],"vpc_zone_identifier":{"references":["aws_subnet.demo-sub-01.id","aws_subnet.demo-sub-01"]}},"schema_version":1},{"address":"aws_elb.demo-elb","mode":"managed","type":"aws_elb","name":"demo-elb","provider_config_key":"aws","expressions":{"health_check":[{"healthy_threshold":{"constant_value":2},"interval":{"constant_value":29},"target":{"constant_value":"HTTP:80/"},"timeout":{"constant_value":3},"unhealthy_threshold":{"constant_value":2}}],"listener":[{"instance_port":{"constant_value":80},"instance_protocol":{"constant_value":"http"},"lb_port":{"constant_value":80},"lb_protocol":{"constant_value":"http"}}],"name":{"constant_value":"demo-elb-elbb"},"security_groups":{"references":["aws_security_group.demo-sg-01.id","aws_security_group.demo-sg-01"]},"subnets":{"references":["aws_subnet.demo-sub-01.id","aws_subnet.demo-sub-01"]}},"schema_version":0},{"address":"aws_internet_gateway.ig-demo","mode":"managed","type":"aws_internet_gateway","name":"ig-demo","provider_config_key":"aws","expressions":{"tags":{"constant_value":{"Author":"Mateo Matta","Name":"Principal Internet Gateway"}},"vpc_id":{"references":["aws_vpc.demo-vpc.id","aws_vpc.demo-vpc"]}},"schema_version":0},{"address":"aws_launch_configuration.demo_configuration","mode":"managed","type":"aws_launch_configuration","name":"demo_configuration","provider_config_key":"aws","expressions":{"associate_public_ip_address":{"constant_value":true},"image_id":{"constant_value":"ami-0261755bbcb8c4a84"},"instance_type":{"constant_value":"t2.micro"},"key_name":{"constant_value":"candidate"},"name":{"constant_value":"placeholder-demo-lc"},"security_groups":{"references":["aws_security_group.demo-sg-01.id","aws_security_group.demo-sg-01"]},"user_data":{}},"schema_version":0},{"address":"aws_route_table.demo_route_table","mode":"managed","type":"aws_route_table","name":"demo_route_table","provider_config_key":"aws","expressions":{"route":{"references":["aws_internet_gateway.ig-demo.id","aws_internet_gateway.ig-demo"]},"tags":{"constant_value":{"Name":"demo-rtb"}},"vpc_id":{"references":["aws_vpc.demo-vpc.id","aws_vpc.demo-vpc"]}},"schema_version":0},{"address":"aws_route_table_association.public1","mode":"managed","type":"aws_route_table_association","name":"public1","provider_config_key":"aws","expressions":{"route_table_id":{"references":["aws_route_table.demo_route_table.id","aws_route_table.demo_route_table"]},"subnet_id":{"references":["aws_subnet.demo-sub-01.id","aws_subnet.demo-sub-01"]}},"schema_version":0},{"address":"aws_s3_bucket.s3Bucket","mode":"managed","type":"aws_s3_bucket","name":"s3Bucket","provider_config_key":"aws","expressions":{"bucket":{"constant_value":"terraform-resources-test"}},"schema_version":0},{"address":"aws_s3_bucket_policy.allow_access_from_another_account","mode":"managed","type":"aws_s3_bucket_policy","name":"allow_access_from_another_account","provider_config_key":"aws","expressions":{"bucket":{"references":["aws_s3_bucket.s3Bucket.id","aws_s3_bucket.s3Bucket"]},"policy":{"references":["data.aws_iam_policy_document.allow_access_from_another_account.json","data.aws_iam_policy_document.allow_access_from_another_account"]}},"schema_version":0},{"address":"aws_s3_bucket_versioning.versioning_for_s3Bucket","mode":"managed","type":"aws_s3_bucket_versioning","name":"versioning_for_s3Bucket","provider_config_key":"aws","expressions":{"bucket":{"references":["aws_s3_bucket.s3Bucket.id","aws_s3_bucket.s3Bucket"]},"versioning_configuration":[{"status":{"constant_value":"Enabled"}}]},"schema_version":0},{"address":"aws_security_group.demo-sg-01","mode":"managed","type":"aws_security_group","name":"demo-sg-01","provider_config_key":"aws","expressions":{"description":{"constant_value":"Allow SSH and web ports for inbound traffic"},"egress":{"constant_value":[{"cidr_blocks":["0.0.0.0/0"],"description":null,"from_port":0,"ipv6_cidr_blocks":["::/0"],"prefix_list_ids":null,"protocol":"-1","security_groups":null,"self":null,"to_port":0}]},"ingress":{"constant_value":[{"cidr_blocks":["0.0.0.0/0"],"description":"TLS from VPC","from_port":443,"ipv6_cidr_blocks":null,"prefix_list_ids":null,"protocol":"tcp","security_groups":null,"self":null,"to_port":443},{"cidr_blocks":["0.0.0.0/0"],"description":"Web server port from VPC","from_port":80,"ipv6_cidr_blocks":null,"prefix_list_ids":null,"protocol":"tcp","security_groups":null,"self":null,"to_port":80},{"cidr_blocks":["0.0.0.0/0"],"description":"SSH connection from VPC","from_port":22,"ipv6_cidr_blocks":null,"prefix_list_ids":null,"protocol":"tcp","security_groups":null,"self":null,"to_port":22}]},"name":{"constant_value":"allow_ssh_and_web_server_ports"},"tags":{"constant_value":{"Author":"Mateo Matta","Name":"allow_ssh_and_web_ports"}},"vpc_id":{"references":["aws_vpc.demo-vpc.id","aws_vpc.demo-vpc"]}},"schema_version":1},{"address":"aws_subnet.demo-sub-01","mode":"managed","type":"aws_subnet","name":"demo-sub-01","provider_config_key":"aws","expressions":{"availability_zone":{"constant_value":"us-east-1a"},"cidr_block":{"constant_value":"10.1.0.0/16"},"map_public_ip_on_launch":{"constant_value":true},"tags":{"constant_value":{"Author":"Mateo Matta","Name":"Particular subnet for us-east-1"}},"vpc_id":{"references":["aws_vpc.demo-vpc.id","aws_vpc.demo-vpc"]}},"schema_version":1},{"address":"aws_vpc.demo-vpc","mode":"managed","type":"aws_vpc","name":"demo-vpc","provider_config_key":"aws","expressions":{"cidr_block":{"constant_value":"10.1.0.0/16"},"tags":{"constant_value":{"Author":"Mateo Matta","Name":"Particular VPC"}}},"schema_version":1},{"address":"data.aws_iam_policy_document.allow_access_from_another_account","mode":"data","type":"aws_iam_policy_document","name":"allow_access_from_another_account","provider_config_key":"aws","expressions":{"statement":[{"actions":{"constant_value":["s3:GetObject","s3:ListBucket"]},"principals":[{"identifiers":{"constant_value":["729158664723"]},"type":{"constant_value":"AWS"}}],"resources":{"references":["aws_s3_bucket.s3Bucket.arn","aws_s3_bucket.s3Bucket","aws_s3_bucket.s3Bucket.arn","aws_s3_bucket.s3Bucket"]}}]},"schema_version":0}]}},"relevant_attributes":[{"resource":"aws_internet_gateway.ig-demo","attribute":["id"]},{"resource":"aws_elb.demo-elb","attribute":["dns_name"]},{"resource":"aws_security_group.demo-sg-01","attribute":["id"]},{"resource":"aws_subnet.demo-sub-01","attribute":["id"]},{"resource":"aws_elb.demo-elb","attribute":["name"]},{"resource":"aws_launch_configuration.demo_configuration","attribute":["name"]},{"resource":"aws_route_table.demo_route_table","attribute":["id"]},{"resource":"aws_vpc.demo-vpc","attribute":["id"]},{"resource":"aws_s3_bucket.s3Bucket","attribute":["arn"]},{"resource":"data.aws_iam_policy_document.allow_access_from_another_account","attribute":["json"]},{"resource":"aws_s3_bucket.s3Bucket","attribute":["id"]}],"timestamp":"2026-01-23T08:26:16Z","applyable":true,"complete":true,"errored":false}
