{"format_version":"1.2","terraform_version":"1.13.5","variables":{"aws_region":{"value":"us-east-1"},"lambda_artifacts_bucket":{"value":"ai-tf-bucket"},"lambda_java_s3_key":{"value":"ai-tf.txt"},"lambda_node_s3_key":{"value":"ai-tf.txt"},"private_subnet_cidr":{"value":"10.0.2.0/24"},"public_subnet_cidr":{"value":"10.0.1.0/24"},"vpc_cidr":{"value":"10.0.0.0/16"}},"planned_values":{"outputs":{"api_gateway_url":{"sensitive":false},"lambda_artifacts_bucket":{"sensitive":false,"type":"string","value":"ai-tf-bucket"},"lambda_java_function_name":{"sensitive":false,"type":"string","value":"java-lambda"},"lambda_node_function_name":{"sensitive":false,"type":"string","value":"nodejs-lambda"}},"root_module":{"resources":[{"address":"aws_api_gateway_deployment.main","mode":"managed","type":"aws_api_gateway_deployment","name":"main","provider_name":"registry.terraform.io/hashicorp/aws","schema_version":0,"values":{"description":null,"region":"us-east-1","triggers":null,"variables":null},"sensitive_values":{}},{"address":"aws_api_gateway_integration.java","mode":"managed","type":"aws_api_gateway_integration","name":"java","provider_name":"registry.terraform.io/hashicorp/aws","schema_version":0,"values":{"cache_key_parameters":null,"connection_id":null,"connection_type":"INTERNET","content_handling":null,"credentials":null,"http_method":"POST","integration_http_method":"POST","integration_target":null,"region":"us-east-1","request_parameters":null,"request_templates":null,"timeout_milliseconds":29000,"tls_config":[],"type":"AWS_PROXY"},"sensitive_values":{"tls_config":[]}},{"address":"aws_api_gateway_integration.node","mode":"managed","type":"aws_api_gateway_integration","name":"node","provider_name":"registry.terraform.io/hashicorp/aws","schema_version":0,"values":{"cache_key_parameters":null,"connection_id":null,"connection_type":"INTERNET","content_handling":null,"credentials":null,"http_method":"GET","integration_http_method":"POST","integration_target":null,"region":"us-east-1","request_parameters":null,"request_templates":null,"timeout_milliseconds":29000,"tls_config":[],"type":"AWS_PROXY"},"sensitive_values":{"tls_config":[]}},{"address":"aws_api_gateway_method.java_post","mode":"managed","type":"aws_api_gateway_method","name":"java_post","provider_name":"registry.terraform.io/hashicorp/aws","schema_version":0,"values":{"api_key_required":false,"authorization":"NONE","authorization_scopes":null,"authorizer_id":null,"http_method":"POST","operation_name":null,"region":"us-east-1","request_models":null,"request_parameters":null,"request_validator_id":null},"sensitive_values":{}},{"address":"aws_api_gateway_method.node_post","mode":"managed","type":"aws_api_gateway_method","name":"node_post","provider_name":"registry.terraform.io/hashicorp/aws","schema_version":0,"values":{"api_key_required":false,"authorization":"NONE","authorization_scopes":null,"authorizer_id":null,"http_method":"GET","operation_name":null,"region":"us-east-1","request_models":null,"request_parameters":null,"request_validator_id":null},"sensitive_values":{}},{"address":"aws_api_gateway_resource.lambda","mode":"managed","type":"aws_api_gateway_resource","name":"lambda","provider_name":"registry.terraform.io/hashicorp/aws","schema_version":0,"values":{"path_part":"lambda","region":"us-east-1"},"sensitive_values":{}},{"address":"aws_api_gateway_rest_api.main","mode":"managed","type":"aws_api_gateway_rest_api","name":"main","provider_name":"registry.terraform.io/hashicorp/aws","schema_version":0,"values":{"body":null,"description":"API Gateway for Lambda integration","fail_on_warnings":null,"name":"main-api","parameters":null,"put_rest_api_mode":null,"region":"us-east-1","tags":null},"sensitive_values":{"binary_media_types":[],"endpoint_configuration":[],"tags_all":{}}},{"address":"aws_api_gateway_stage.prod","mode":"managed","type":"aws_api_gateway_stage","name":"prod","provider_name":"registry.terraform.io/hashicorp/aws","schema_version":0,"values":{"access_log_settings":[],"cache_cluster_enabled":null,"cache_cluster_size":null,"canary_settings":[],"client_certificate_id":null,"description":null,"documentation_version":null,"region":"us-east-1","stage_name":"prod","tags":null,"variables":null,"xray_tracing_enabled":null},"sensitive_values":{"access_log_settings":[],"canary_settings":[],"tags_all":{}}},{"address":"aws_iam_policy_attachment.lambda_logs","mode":"managed","type":"aws_iam_policy_attachment","name":"lambda_logs","provider_name":"registry.terraform.io/hashicorp/aws","schema_version":0,"values":{"groups":null,"name":"lambda-logs-attach","policy_arn":"arn:aws:iam::aws:policy/service-role/AWSLambdaBasicExecutionRole","roles":["lambda-exec-role"],"users":null},"sensitive_values":{"roles":[false]}},{"address":"aws_iam_role.lambda_exec","mode":"managed","type":"aws_iam_role","name":"lambda_exec","provider_name":"registry.terraform.io/hashicorp/aws","schema_version":0,"values":{"assume_role_policy":"{\"Statement\":[{\"Action\":\"sts:AssumeRole\",\"Effect\":\"Allow\",\"Principal\":{\"Service\":\"lambda.amazonaws.com\"}}],\"Version\":\"2012-10-17\"}","description":null,"force_detach_policies":false,"max_session_duration":3600,"name":"lambda-exec-role","path":"/","permissions_boundary":null,"tags":null},"sensitive_values":{"inline_policy":[],"managed_policy_arns":[],"tags_all":{}},"identity_schema_version":0,"identity":{"account_id":null,"name":null}},{"address":"aws_internet_gateway.gw","mode":"managed","type":"aws_internet_gateway","name":"gw","provider_name":"registry.terraform.io/hashicorp/aws","schema_version":0,"values":{"region":"us-east-1","tags":{"Name":"main-igw"},"tags_all":{"Name":"main-igw"},"timeouts":null},"sensitive_values":{"tags":{},"tags_all":{}}},{"address":"aws_lambda_function.java","mode":"managed","type":"aws_lambda_function","name":"java","provider_name":"registry.terraform.io/hashicorp/aws","schema_version":0,"values":{"capacity_provider_config":[],"code_signing_config_arn":null,"dead_letter_config":[],"description":null,"durable_config":[],"environment":[{"variables":{"STAGE":"prod"}}],"file_system_config":[],"filename":null,"function_name":"java-lambda","handler":"com.example.Handler::handleRequest","image_config":[],"image_uri":null,"kms_key_arn":null,"layers":null,"memory_size":512,"package_type":"Zip","publish":false,"publish_to":null,"region":"us-east-1","replace_security_groups_on_destroy":null,"replacement_security_group_ids":null,"reserved_concurrent_executions":-1,"runtime":"java11","s3_bucket":"ai-tf-bucket","s3_key":"ai-tf.txt","s3_object_version":null,"skip_destroy":false,"snap_start":[],"source_kms_key_arn":null,"tags":{"Name":"java-lambda"},"tags_all":{"Name":"java-lambda"},"tenancy_config":[],"timeout":10,"timeouts":null,"vpc_config":[{"ipv6_allowed_for_dual_stack":false}]},"sensitive_values":{"architectures":[],"capacity_provider_config":[],"dead_letter_config":[],"durable_config":[],"environment":[{"variables":{}}],"ephemeral_storage":[],"file_system_config":[],"image_config":[],"logging_config":[],"snap_start":[],"tags":{},"tags_all":{},"tenancy_config":[],"tracing_config":[],"vpc_config":[{"security_group_ids":[],"subnet_ids":[]}]},"identity_schema_version":0,"identity":{"account_id":null,"function_name":null,"region":null}},{"address":"aws_lambda_function.node","mode":"managed","type":"aws_lambda_function","name":"node","provider_name":"registry.terraform.io/hashicorp/aws","schema_version":0,"values":{"capacity_provider_config":[],"code_signing_config_arn":null,"dead_letter_config":[],"description":null,"durable_config":[],"environment":[{"variables":{"STAGE":"prod"}}],"file_system_config":[],"filename":null,"function_name":"nodejs-lambda","handler":"index.handler","image_config":[],"image_uri":null,"kms_key_arn":null,"layers":null,"memory_size":512,"package_type":"Zip","publish":false,"publish_to":null,"region":"us-east-1","replace_security_groups_on_destroy":null,"replacement_security_group_ids":null,"reserved_concurrent_executions":-1,"runtime":"nodejs16.x","s3_bucket":"ai-tf-bucket","s3_key":"ai-tf.txt","s3_object_version":null,"skip_destroy":false,"snap_start":[],"source_kms_key_arn":null,"tags":{"Name":"nodejs-lambda"},"tags_all":{"Name":"nodejs-lambda"},"tenancy_config":[],"timeout":10,"timeouts":null,"vpc_config":[{"ipv6_allowed_for_dual_stack":false}]},"sensitive_values":{"architectures":[],"capacity_provider_config":[],"dead_letter_config":[],"durable_config":[],"environment":[{"variables":{}}],"ephemeral_storage":[],"file_system_config":[],"image_config":[],"logging_config":[],"snap_start":[],"tags":{},"tags_all":{},"tenancy_config":[],"tracing_config":[],"vpc_config":[{"security_group_ids":[],"subnet_ids":[]}]},"identity_schema_version":0,"identity":{"account_id":null,"function_name":null,"region":null}},{"address":"aws_lambda_permission.apigw_java","mode":"managed","type":"aws_lambda_permission","name":"apigw_java","provider_name":"registry.terraform.io/hashicorp/aws","schema_version":0,"values":{"action":"lambda:InvokeFunction","event_source_token":null,"function_name":"java-lambda","function_url_auth_type":null,"invoked_via_function_url":null,"principal":"apigateway.amazonaws.com","principal_org_id":null,"qualifier":null,"region":"us-east-1","source_account":null,"statement_id":"AllowAPIGatewayInvokeJava"},"sensitive_values":{},"identity_schema_version":0,"identity":{"account_id":null,"function_name":null,"qualifier":null,"region":null,"statement_id":null}},{"address":"aws_lambda_permission.apigw_node","mode":"managed","type":"aws_lambda_permission","name":"apigw_node","provider_name":"registry.terraform.io/hashicorp/aws","schema_version":0,"values":{"action":"lambda:InvokeFunction","event_source_token":null,"function_name":"nodejs-lambda","function_url_auth_type":null,"invoked_via_function_url":null,"principal":"apigateway.amazonaws.com","principal_org_id":null,"qualifier":null,"region":"us-east-1","source_account":null,"statement_id":"AllowAPIGatewayInvokeNode"},"sensitive_values":{},"identity_schema_version":0,"identity":{"account_id":null,"function_name":null,"qualifier":null,"region":null,"statement_id":null}},{"address":"aws_route_table.public","mode":"managed","type":"aws_route_table","name":"public","provider_name":"registry.terraform.io/hashicorp/aws","schema_version":0,"values":{"region":"us-east-1","route":[{"carrier_gateway_id":"","cidr_block":"0.0.0.0/0","core_network_arn":"","destination_prefix_list_id":"","egress_only_gateway_id":"","ipv6_cidr_block":"","local_gateway_id":"","nat_gateway_id":"","network_interface_id":"","transit_gateway_id":"","vpc_endpoint_id":"","vpc_peering_connection_id":""}],"tags":{"Name":"public-rt"},"tags_all":{"Name":"public-rt"},"timeouts":null},"sensitive_values":{"propagating_vgws":[],"route":[{}],"tags":{},"tags_all":{}},"identity_schema_version":0,"identity":{"account_id":null,"id":null,"region":null}},{"address":"aws_route_table_association.public","mode":"managed","type":"aws_route_table_association","name":"public","provider_name":"registry.terraform.io/hashicorp/aws","schema_version":0,"values":{"gateway_id":null,"region":"us-east-1","timeouts":null},"sensitive_values":{}},{"address":"aws_s3_bucket.lambda_artifacts","mode":"managed","type":"aws_s3_bucket","name":"lambda_artifacts","provider_name":"registry.terraform.io/hashicorp/aws","schema_version":0,"values":{"bucket":"ai-tf-bucket","force_destroy":true,"region":"us-east-1","tags":{"Name":"lambda-artifacts"},"tags_all":{"Name":"lambda-artifacts"},"timeouts":null},"sensitive_values":{"cors_rule":[],"grant":[],"lifecycle_rule":[],"logging":[],"object_lock_configuration":[],"replication_configuration":[],"server_side_encryption_configuration":[],"tags":{},"tags_all":{},"versioning":[],"website":[]},"identity_schema_version":0,"identity":{"account_id":null,"bucket":null,"region":null}},{"address":"aws_s3_bucket_acl.lambda_artifacts_acl","mode":"managed","type":"aws_s3_bucket_acl","name":"lambda_artifacts_acl","provider_name":"registry.terraform.io/hashicorp/aws","schema_version":0,"values":{"acl":"private","expected_bucket_owner":null,"region":"us-east-1"},"sensitive_values":{"access_control_policy":[]},"identity_schema_version":0,"identity":{"account_id":null,"acl":null,"bucket":null,"expected_bucket_owner":null,"region":null}},{"address":"aws_security_group.lambda_sg","mode":"managed","type":"aws_security_group","name":"lambda_sg","provider_name":"registry.terraform.io/hashicorp/aws","schema_version":1,"values":{"description":"Allow Lambda outbound access","egress":[{"cidr_blocks":["0.0.0.0/0"],"description":"","from_port":0,"ipv6_cidr_blocks":[],"prefix_list_ids":[],"protocol":"-1","security_groups":[],"self":false,"to_port":0}],"ingress":[{"cidr_blocks":["10.0.0.0/16"],"description":"","from_port":0,"ipv6_cidr_blocks":[],"prefix_list_ids":[],"protocol":"-1","security_groups":[],"self":false,"to_port":0}],"name":"lambda-sg","region":"us-east-1","revoke_rules_on_delete":false,"tags":{"Name":"lambda-sg"},"tags_all":{"Name":"lambda-sg"},"timeouts":null},"sensitive_values":{"egress":[{"cidr_blocks":[false],"ipv6_cidr_blocks":[],"prefix_list_ids":[],"security_groups":[]}],"ingress":[{"cidr_blocks":[false],"ipv6_cidr_blocks":[],"prefix_list_ids":[],"security_groups":[]}],"tags":{},"tags_all":{}},"identity_schema_version":0,"identity":{"account_id":null,"id":null,"region":null}},{"address":"aws_subnet.private","mode":"managed","type":"aws_subnet","name":"private","provider_name":"registry.terraform.io/hashicorp/aws","schema_version":1,"values":{"assign_ipv6_address_on_creation":false,"availability_zone":"us-east-1a","cidr_block":"10.0.2.0/24","customer_owned_ipv4_pool":null,"enable_dns64":false,"enable_lni_at_device_index":null,"enable_resource_name_dns_a_record_on_launch":false,"enable_resource_name_dns_aaaa_record_on_launch":false,"ipv6_cidr_block":null,"ipv6_native":false,"map_customer_owned_ip_on_launch":null,"map_public_ip_on_launch":false,"outpost_arn":null,"region":"us-east-1","tags":{"Name":"private-subnet"},"tags_all":{"Name":"private-subnet"},"timeouts":null},"sensitive_values":{"tags":{},"tags_all":{}},"identity_schema_version":0,"identity":{"account_id":null,"id":null,"region":null}},{"address":"aws_subnet.public","mode":"managed","type":"aws_subnet","name":"public","provider_name":"registry.terraform.io/hashicorp/aws","schema_version":1,"values":{"assign_ipv6_address_on_creation":false,"availability_zone":"us-east-1a","cidr_block":"10.0.1.0/24","customer_owned_ipv4_pool":null,"enable_dns64":false,"enable_lni_at_device_index":null,"enable_resource_name_dns_a_record_on_launch":false,"enable_resource_name_dns_aaaa_record_on_launch":false,"ipv6_cidr_block":null,"ipv6_native":false,"map_customer_owned_ip_on_launch":null,"map_public_ip_on_launch":true,"outpost_arn":null,"region":"us-east-1","tags":{"Name":"public-subnet"},"tags_all":{"Name":"public-subnet"},"timeouts":null},"sensitive_values":{"tags":{},"tags_all":{}},"identity_schema_version":0,"identity":{"account_id":null,"id":null,"region":null}},{"address":"aws_vpc.main","mode":"managed","type":"aws_vpc","name":"main","provider_name":"registry.terraform.io/hashicorp/aws","schema_version":1,"values":{"assign_generated_ipv6_cidr_block":null,"cidr_block":"10.0.0.0/16","enable_dns_hostnames":true,"enable_dns_support":true,"instance_tenancy":"default","ipv4_ipam_pool_id":null,"ipv4_netmask_length":null,"ipv6_ipam_pool_id":null,"ipv6_netmask_length":null,"region":"us-east-1","tags":{"Name":"main-vpc"},"tags_all":{"Name":"main-vpc"}},"sensitive_values":{"tags":{},"tags_all":{}},"identity_schema_version":0,"identity":{"account_id":null,"id":null,"region":null}}]}},"resource_changes":[{"address":"aws_api_gateway_deployment.main","mode":"managed","type":"aws_api_gateway_deployment","name":"main","provider_name":"registry.terraform.io/hashicorp/aws","change":{"actions":["create"],"before":null,"after":{"description":null,"region":"us-east-1","triggers":null,"variables":null},"after_unknown":{"created_date":true,"id":true,"rest_api_id":true},"before_sensitive":false,"after_sensitive":{}}},{"address":"aws_api_gateway_integration.java","mode":"managed","type":"aws_api_gateway_integration","name":"java","provider_name":"registry.terraform.io/hashicorp/aws","change":{"actions":["create"],"before":null,"after":{"cache_key_parameters":null,"connection_id":null,"connection_type":"INTERNET","content_handling":null,"credentials":null,"http_method":"POST","integration_http_method":"POST","integration_target":null,"region":"us-east-1","request_parameters":null,"request_templates":null,"timeout_milliseconds":29000,"tls_config":[],"type":"AWS_PROXY"},"after_unknown":{"cache_namespace":true,"id":true,"passthrough_behavior":true,"resource_id":true,"response_transfer_mode":true,"rest_api_id":true,"tls_config":[],"uri":true},"before_sensitive":false,"after_sensitive":{"tls_config":[]}}},{"address":"aws_api_gateway_integration.node","mode":"managed","type":"aws_api_gateway_integration","name":"node","provider_name":"registry.terraform.io/hashicorp/aws","change":{"actions":["create"],"before":null,"after":{"cache_key_parameters":null,"connection_id":null,"connection_type":"INTERNET","content_handling":null,"credentials":null,"http_method":"GET","integration_http_method":"POST","integration_target":null,"region":"us-east-1","request_parameters":null,"request_templates":null,"timeout_milliseconds":29000,"tls_config":[],"type":"AWS_PROXY"},"after_unknown":{"cache_namespace":true,"id":true,"passthrough_behavior":true,"resource_id":true,"response_transfer_mode":true,"rest_api_id":true,"tls_config":[],"uri":true},"before_sensitive":false,"after_sensitive":{"tls_config":[]}}},{"address":"aws_api_gateway_method.java_post","mode":"managed","type":"aws_api_gateway_method","name":"java_post","provider_name":"registry.terraform.io/hashicorp/aws","change":{"actions":["create"],"before":null,"after":{"api_key_required":false,"authorization":"NONE","authorization_scopes":null,"authorizer_id":null,"http_method":"POST","operation_name":null,"region":"us-east-1","request_models":null,"request_parameters":null,"request_validator_id":null},"after_unknown":{"id":true,"resource_id":true,"rest_api_id":true},"before_sensitive":false,"after_sensitive":{}}},{"address":"aws_api_gateway_method.node_post","mode":"managed","type":"aws_api_gateway_method","name":"node_post","provider_name":"registry.terraform.io/hashicorp/aws","change":{"actions":["create"],"before":null,"after":{"api_key_required":false,"authorization":"NONE","authorization_scopes":null,"authorizer_id":null,"http_method":"GET","operation_name":null,"region":"us-east-1","request_models":null,"request_parameters":null,"request_validator_id":null},"after_unknown":{"id":true,"resource_id":true,"rest_api_id":true},"before_sensitive":false,"after_sensitive":{}}},{"address":"aws_api_gateway_resource.lambda","mode":"managed","type":"aws_api_gateway_resource","name":"lambda","provider_name":"registry.terraform.io/hashicorp/aws","change":{"actions":["create"],"before":null,"after":{"path_part":"lambda","region":"us-east-1"},"after_unknown":{"id":true,"parent_id":true,"path":true,"rest_api_id":true},"before_sensitive":false,"after_sensitive":{}}},{"address":"aws_api_gateway_rest_api.main","mode":"managed","type":"aws_api_gateway_rest_api","name":"main","provider_name":"registry.terraform.io/hashicorp/aws","change":{"actions":["create"],"before":null,"after":{"body":null,"description":"API Gateway for Lambda integration","fail_on_warnings":null,"name":"main-api","parameters":null,"put_rest_api_mode":null,"region":"us-east-1","tags":null},"after_unknown":{"api_key_source":true,"arn":true,"binary_media_types":true,"created_date":true,"disable_execute_api_endpoint":true,"endpoint_configuration":true,"execution_arn":true,"id":true,"minimum_compression_size":true,"policy":true,"root_resource_id":true,"tags_all":true},"before_sensitive":false,"after_sensitive":{"binary_media_types":[],"endpoint_configuration":[],"tags_all":{}}}},{"address":"aws_api_gateway_stage.prod","mode":"managed","type":"aws_api_gateway_stage","name":"prod","provider_name":"registry.terraform.io/hashicorp/aws","change":{"actions":["create"],"before":null,"after":{"access_log_settings":[],"cache_cluster_enabled":null,"cache_cluster_size":null,"canary_settings":[],"client_certificate_id":null,"description":null,"documentation_version":null,"region":"us-east-1","stage_name":"prod","tags":null,"variables":null,"xray_tracing_enabled":null},"after_unknown":{"access_log_settings":[],"arn":true,"canary_settings":[],"deployment_id":true,"execution_arn":true,"id":true,"invoke_url":true,"rest_api_id":true,"tags_all":true,"web_acl_arn":true},"before_sensitive":false,"after_sensitive":{"access_log_settings":[],"canary_settings":[],"tags_all":{}}}},{"address":"aws_iam_policy_attachment.lambda_logs","mode":"managed","type":"aws_iam_policy_attachment","name":"lambda_logs","provider_name":"registry.terraform.io/hashicorp/aws","change":{"actions":["create"],"before":null,"after":{"groups":null,"name":"lambda-logs-attach","policy_arn":"arn:aws:iam::aws:policy/service-role/AWSLambdaBasicExecutionRole","roles":["lambda-exec-role"],"users":null},"after_unknown":{"id":true,"roles":[false]},"before_sensitive":false,"after_sensitive":{"roles":[false]}}},{"address":"aws_iam_role.lambda_exec","mode":"managed","type":"aws_iam_role","name":"lambda_exec","provider_name":"registry.terraform.io/hashicorp/aws","change":{"actions":["create"],"before":null,"after":{"assume_role_policy":"{\"Statement\":[{\"Action\":\"sts:AssumeRole\",\"Effect\":\"Allow\",\"Principal\":{\"Service\":\"lambda.amazonaws.com\"}}],\"Version\":\"2012-10-17\"}","description":null,"force_detach_policies":false,"max_session_duration":3600,"name":"lambda-exec-role","path":"/","permissions_boundary":null,"tags":null},"after_unknown":{"arn":true,"create_date":true,"id":true,"inline_policy":true,"managed_policy_arns":true,"name_prefix":true,"tags_all":true,"unique_id":true},"before_sensitive":false,"after_sensitive":{"inline_policy":[],"managed_policy_arns":[],"tags_all":{}},"after_identity":{"account_id":null,"name":null}}},{"address":"aws_internet_gateway.gw","mode":"managed","type":"aws_internet_gateway","name":"gw","provider_name":"registry.terraform.io/hashicorp/aws","change":{"actions":["create"],"before":null,"after":{"region":"us-east-1","tags":{"Name":"main-igw"},"tags_all":{"Name":"main-igw"},"timeouts":null},"after_unknown":{"arn":true,"id":true,"owner_id":true,"tags":{},"tags_all":{},"vpc_id":true},"before_sensitive":false,"after_sensitive":{"tags":{},"tags_all":{}}}},{"address":"aws_lambda_function.java","mode":"managed","type":"aws_lambda_function","name":"java","provider_name":"registry.terraform.io/hashicorp/aws","change":{"actions":["create"],"before":null,"after":{"capacity_provider_config":[],"code_signing_config_arn":null,"dead_letter_config":[],"description":null,"durable_config":[],"environment":[{"variables":{"STAGE":"prod"}}],"file_system_config":[],"filename":null,"function_name":"java-lambda","handler":"com.example.Handler::handleRequest","image_config":[],"image_uri":null,"kms_key_arn":null,"layers":null,"memory_size":512,"package_type":"Zip","publish":false,"publish_to":null,"region":"us-east-1","replace_security_groups_on_destroy":null,"replacement_security_group_ids":null,"reserved_concurrent_executions":-1,"runtime":"java11","s3_bucket":"ai-tf-bucket","s3_key":"ai-tf.txt","s3_object_version":null,"skip_destroy":false,"snap_start":[],"source_kms_key_arn":null,"tags":{"Name":"java-lambda"},"tags_all":{"Name":"java-lambda"},"tenancy_config":[],"timeout":10,"timeouts":null,"vpc_config":[{"ipv6_allowed_for_dual_stack":false}]},"after_unknown":{"architectures":true,"arn":true,"capacity_provider_config":[],"code_sha256":true,"dead_letter_config":[],"durable_config":[],"environment":[{"variables":{}}],"ephemeral_storage":true,"file_system_config":[],"id":true,"image_config":[],"invoke_arn":true,"last_modified":true,"logging_config":true,"qualified_arn":true,"qualified_invoke_arn":true,"response_streaming_invoke_arn":true,"role":true,"signing_job_arn":true,"signing_profile_version_arn":true,"snap_start":[],"source_code_hash":true,"source_code_size":true,"tags":{},"tags_all":{},"tenancy_config":[],"tracing_config":true,"version":true,"vpc_config":[{"security_group_ids":true,"subnet_ids":true,"vpc_id":true}]},"before_sensitive":false,"after_sensitive":{"architectures":[],"capacity_provider_config":[],"dead_letter_config":[],"durable_config":[],"environment":[{"variables":{}}],"ephemeral_storage":[],"file_system_config":[],"image_config":[],"logging_config":[],"snap_start":[],"tags":{},"tags_all":{},"tenancy_config":[],"tracing_config":[],"vpc_config":[{"security_group_ids":[],"subnet_ids":[]}]},"after_identity":{"account_id":null,"function_name":null,"region":null}}},{"address":"aws_lambda_function.node","mode":"managed","type":"aws_lambda_function","name":"node","provider_name":"registry.terraform.io/hashicorp/aws","change":{"actions":["create"],"before":null,"after":{"capacity_provider_config":[],"code_signing_config_arn":null,"dead_letter_config":[],"description":null,"durable_config":[],"environment":[{"variables":{"STAGE":"prod"}}],"file_system_config":[],"filename":null,"function_name":"nodejs-lambda","handler":"index.handler","image_config":[],"image_uri":null,"kms_key_arn":null,"layers":null,"memory_size":512,"package_type":"Zip","publish":false,"publish_to":null,"region":"us-east-1","replace_security_groups_on_destroy":null,"replacement_security_group_ids":null,"reserved_concurrent_executions":-1,"runtime":"nodejs16.x","s3_bucket":"ai-tf-bucket","s3_key":"ai-tf.txt","s3_object_version":null,"skip_destroy":false,"snap_start":[],"source_kms_key_arn":null,"tags":{"Name":"nodejs-lambda"},"tags_all":{"Name":"nodejs-lambda"},"tenancy_config":[],"timeout":10,"timeouts":null,"vpc_config":[{"ipv6_allowed_for_dual_stack":false}]},"after_unknown":{"architectures":true,"arn":true,"capacity_provider_config":[],"code_sha256":true,"dead_letter_config":[],"durable_config":[],"environment":[{"variables":{}}],"ephemeral_storage":true,"file_system_config":[],"id":true,"image_config":[],"invoke_arn":true,"last_modified":true,"logging_config":true,"qualified_arn":true,"qualified_invoke_arn":true,"response_streaming_invoke_arn":true,"role":true,"signing_job_arn":true,"signing_profile_version_arn":true,"snap_start":[],"source_code_hash":true,"source_code_size":true,"tags":{},"tags_all":{},"tenancy_config":[],"tracing_config":true,"version":true,"vpc_config":[{"security_group_ids":true,"subnet_ids":true,"vpc_id":true}]},"before_sensitive":false,"after_sensitive":{"architectures":[],"capacity_provider_config":[],"dead_letter_config":[],"durable_config":[],"environment":[{"variables":{}}],"ephemeral_storage":[],"file_system_config":[],"image_config":[],"logging_config":[],"snap_start":[],"tags":{},"tags_all":{},"tenancy_config":[],"tracing_config":[],"vpc_config":[{"security_group_ids":[],"subnet_ids":[]}]},"after_identity":{"account_id":null,"function_name":null,"region":null}}},{"address":"aws_lambda_permission.apigw_java","mode":"managed","type":"aws_lambda_permission","name":"apigw_java","provider_name":"registry.terraform.io/hashicorp/aws","change":{"actions":["create"],"before":null,"after":{"action":"lambda:InvokeFunction","event_source_token":null,"function_name":"java-lambda","function_url_auth_type":null,"invoked_via_function_url":null,"principal":"apigateway.amazonaws.com","principal_org_id":null,"qualifier":null,"region":"us-east-1","source_account":null,"statement_id":"AllowAPIGatewayInvokeJava"},"after_unknown":{"id":true,"source_arn":true,"statement_id_prefix":true},"before_sensitive":false,"after_sensitive":{},"after_identity":{"account_id":null,"function_name":null,"qualifier":null,"region":null,"statement_id":null}}},{"address":"aws_lambda_permission.apigw_node","mode":"managed","type":"aws_lambda_permission","name":"apigw_node","provider_name":"registry.terraform.io/hashicorp/aws","change":{"actions":["create"],"before":null,"after":{"action":"lambda:InvokeFunction","event_source_token":null,"function_name":"nodejs-lambda","function_url_auth_type":null,"invoked_via_function_url":null,"principal":"apigateway.amazonaws.com","principal_org_id":null,"qualifier":null,"region":"us-east-1","source_account":null,"statement_id":"AllowAPIGatewayInvokeNode"},"after_unknown":{"id":true,"source_arn":true,"statement_id_prefix":true},"before_sensitive":false,"after_sensitive":{},"after_identity":{"account_id":null,"function_name":null,"qualifier":null,"region":null,"statement_id":null}}},{"address":"aws_route_table.public","mode":"managed","type":"aws_route_table","name":"public","provider_name":"registry.terraform.io/hashicorp/aws","change":{"actions":["create"],"before":null,"after":{"region":"us-east-1","route":[{"carrier_gateway_id":"","cidr_block":"0.0.0.0/0","core_network_arn":"","destination_prefix_list_id":"","egress_only_gateway_id":"","ipv6_cidr_block":"","local_gateway_id":"","nat_gateway_id":"","network_interface_id":"","transit_gateway_id":"","vpc_endpoint_id":"","vpc_peering_connection_id":""}],"tags":{"Name":"public-rt"},"tags_all":{"Name":"public-rt"},"timeouts":null},"after_unknown":{"arn":true,"id":true,"owner_id":true,"propagating_vgws":true,"route":[{"gateway_id":true}],"tags":{},"tags_all":{},"vpc_id":true},"before_sensitive":false,"after_sensitive":{"propagating_vgws":[],"route":[{}],"tags":{},"tags_all":{}},"after_identity":{"account_id":null,"id":null,"region":null}}},{"address":"aws_route_table_association.public","mode":"managed","type":"aws_route_table_association","name":"public","provider_name":"registry.terraform.io/hashicorp/aws","change":{"actions":["create"],"before":null,"after":{"gateway_id":null,"region":"us-east-1","timeouts":null},"after_unknown":{"id":true,"route_table_id":true,"subnet_id":true},"before_sensitive":false,"after_sensitive":{}}},{"address":"aws_s3_bucket.lambda_artifacts","mode":"managed","type":"aws_s3_bucket","name":"lambda_artifacts","provider_name":"registry.terraform.io/hashicorp/aws","change":{"actions":["create"],"before":null,"after":{"bucket":"ai-tf-bucket","force_destroy":true,"region":"us-east-1","tags":{"Name":"lambda-artifacts"},"tags_all":{"Name":"lambda-artifacts"},"timeouts":null},"after_unknown":{"acceleration_status":true,"acl":true,"arn":true,"bucket_domain_name":true,"bucket_prefix":true,"bucket_region":true,"bucket_regional_domain_name":true,"cors_rule":true,"grant":true,"hosted_zone_id":true,"id":true,"lifecycle_rule":true,"logging":true,"object_lock_configuration":true,"object_lock_enabled":true,"policy":true,"replication_configuration":true,"request_payer":true,"server_side_encryption_configuration":true,"tags":{},"tags_all":{},"versioning":true,"website":true,"website_domain":true,"website_endpoint":true},"before_sensitive":false,"after_sensitive":{"cors_rule":[],"grant":[],"lifecycle_rule":[],"logging":[],"object_lock_configuration":[],"replication_configuration":[],"server_side_encryption_configuration":[],"tags":{},"tags_all":{},"versioning":[],"website":[]},"after_identity":{"account_id":null,"bucket":null,"region":null}}},{"address":"aws_s3_bucket_acl.lambda_artifacts_acl","mode":"managed","type":"aws_s3_bucket_acl","name":"lambda_artifacts_acl","provider_name":"registry.terraform.io/hashicorp/aws","change":{"actions":["create"],"before":null,"after":{"acl":"private","expected_bucket_owner":null,"region":"us-east-1"},"after_unknown":{"access_control_policy":true,"bucket":true,"id":true},"before_sensitive":false,"after_sensitive":{"access_control_policy":[]},"after_identity":{"account_id":null,"acl":null,"bucket":null,"expected_bucket_owner":null,"region":null}}},{"address":"aws_security_group.lambda_sg","mode":"managed","type":"aws_security_group","name":"lambda_sg","provider_name":"registry.terraform.io/hashicorp/aws","change":{"actions":["create"],"before":null,"after":{"description":"Allow Lambda outbound access","egress":[{"cidr_blocks":["0.0.0.0/0"],"description":"","from_port":0,"ipv6_cidr_blocks":[],"prefix_list_ids":[],"protocol":"-1","security_groups":[],"self":false,"to_port":0}],"ingress":[{"cidr_blocks":["10.0.0.0/16"],"description":"","from_port":0,"ipv6_cidr_blocks":[],"prefix_list_ids":[],"protocol":"-1","security_groups":[],"self":false,"to_port":0}],"name":"lambda-sg","region":"us-east-1","revoke_rules_on_delete":false,"tags":{"Name":"lambda-sg"},"tags_all":{"Name":"lambda-sg"},"timeouts":null},"after_unknown":{"arn":true,"egress":[{"cidr_blocks":[false],"ipv6_cidr_blocks":[],"prefix_list_ids":[],"security_groups":[]}],"id":true,"ingress":[{"cidr_blocks":[false],"ipv6_cidr_blocks":[],"prefix_list_ids":[],"security_groups":[]}],"name_prefix":true,"owner_id":true,"tags":{},"tags_all":{},"vpc_id":true},"before_sensitive":false,"after_sensitive":{"egress":[{"cidr_blocks":[false],"ipv6_cidr_blocks":[],"prefix_list_ids":[],"security_groups":[]}],"ingress":[{"cidr_blocks":[false],"ipv6_cidr_blocks":[],"prefix_list_ids":[],"security_groups":[]}],"tags":{},"tags_all":{}},"after_identity":{"account_id":null,"id":null,"region":null}}},{"address":"aws_subnet.private","mode":"managed","type":"aws_subnet","name":"private","provider_name":"registry.terraform.io/hashicorp/aws","change":{"actions":["create"],"before":null,"after":{"assign_ipv6_address_on_creation":false,"availability_zone":"us-east-1a","cidr_block":"10.0.2.0/24","customer_owned_ipv4_pool":null,"enable_dns64":false,"enable_lni_at_device_index":null,"enable_resource_name_dns_a_record_on_launch":false,"enable_resource_name_dns_aaaa_record_on_launch":false,"ipv6_cidr_block":null,"ipv6_native":false,"map_customer_owned_ip_on_launch":null,"map_public_ip_on_launch":false,"outpost_arn":null,"region":"us-east-1","tags":{"Name":"private-subnet"},"tags_all":{"Name":"private-subnet"},"timeouts":null},"after_unknown":{"arn":true,"availability_zone_id":true,"id":true,"ipv6_cidr_block_association_id":true,"owner_id":true,"private_dns_hostname_type_on_launch":true,"tags":{},"tags_all":{},"vpc_id":true},"before_sensitive":false,"after_sensitive":{"tags":{},"tags_all":{}},"after_identity":{"account_id":null,"id":null,"region":null}}},{"address":"aws_subnet.public","mode":"managed","type":"aws_subnet","name":"public","provider_name":"registry.terraform.io/hashicorp/aws","change":{"actions":["create"],"before":null,"after":{"assign_ipv6_address_on_creation":false,"availability_zone":"us-east-1a","cidr_block":"10.0.1.0/24","customer_owned_ipv4_pool":null,"enable_dns64":false,"enable_lni_at_device_index":null,"enable_resource_name_dns_a_record_on_launch":false,"enable_resource_name_dns_aaaa_record_on_launch":false,"ipv6_cidr_block":null,"ipv6_native":false,"map_customer_owned_ip_on_launch":null,"map_public_ip_on_launch":true,"outpost_arn":null,"region":"us-east-1","tags":{"Name":"public-subnet"},"tags_all":{"Name":"public-subnet"},"timeouts":null},"after_unknown":{"arn":true,"availability_zone_id":true,"id":true,"ipv6_cidr_block_association_id":true,"owner_id":true,"private_dns_hostname_type_on_launch":true,"tags":{},"tags_all":{},"vpc_id":true},"before_sensitive":false,"after_sensitive":{"tags":{},"tags_all":{}},"after_identity":{"account_id":null,"id":null,"region":null}}},{"address":"aws_vpc.main","mode":"managed","type":"aws_vpc","name":"main","provider_name":"registry.terraform.io/hashicorp/aws","change":{"actions":["create"],"before":null,"after":{"assign_generated_ipv6_cidr_block":null,"cidr_block":"10.0.0.0/16","enable_dns_hostnames":true,"enable_dns_support":true,"instance_tenancy":"default","ipv4_ipam_pool_id":null,"ipv4_netmask_length":null,"ipv6_ipam_pool_id":null,"ipv6_netmask_length":null,"region":"us-east-1","tags":{"Name":"main-vpc"},"tags_all":{"Name":"main-vpc"}},"after_unknown":{"arn":true,"default_network_acl_id":true,"default_route_table_id":true,"default_security_group_id":true,"dhcp_options_id":true,"enable_network_address_usage_metrics":true,"id":true,"ipv6_association_id":true,"ipv6_cidr_block":true,"ipv6_cidr_block_network_border_group":true,"main_route_table_id":true,"owner_id":true,"tags":{},"tags_all":{}},"before_sensitive":false,"after_sensitive":{"tags":{},"tags_all":{}},"after_identity":{"account_id":null,"id":null,"region":null}}}],"output_changes":{"api_gateway_url":{"actions":["create"],"before":null,"after_unknown":true,"before_sensitive":false,"after_sensitive":false},"lambda_artifacts_bucket":{"actions":["create"],"before":null,"after":"ai-tf-bucket","after_unknown":false,"before_sensitive":false,"after_sensitive":false},"lambda_java_function_name":{"actions":["create"],"before":null,"after":"java-lambda","after_unknown":false,"before_sensitive":false,"after_sensitive":false},"lambda_node_function_name":{"actions":["create"],"before":null,"after":"nodejs-lambda","after_unknown":false,"before_sensitive":false,"after_sensitive":false}},"prior_state":{"format_version":"1.0","terraform_version":"1.13.5","values":{"outputs":{"lambda_artifacts_bucket":{"sensitive":false,"value":"ai-tf-bucket","type":"string"},"lambda_java_function_name":{"sensitive":false,"value":"java-lambda","type":"string"},"lambda_node_function_name":{"sensitive":false,"value":"nodejs-lambda","type":"string"}},"root_module":{"resources":[{"address":"data.archive_file.lambda_dummy","mode":"data","type":"archive_file","name":"lambda_dummy","provider_name":"registry.terraform.io/hashicorp/archive","schema_version":0,"values":{"exclude_symlink_directories":null,"excludes":null,"id":"58e93fade67637870be5af38eff8d5aa66c7da49","output_base64sha256":"wmbalFzzY/wG3ivChKElOZB3+B4gptmQyIat05p+fU4=","output_base64sha512":"BQYAg1LwEY4tDmry1VoRx6StX0vjH+7LpfB5KAZLVvfJQjioPbBv1QxI6QF6P2U614fU3h9XKBCb9z5Y1ornqA==","output_file_mode":null,"output_md5":"a0dbd832a6a977d6d5b28ea5c85e30fb","output_path":"./.dummy/lambda.zip","output_sha":"58e93fade67637870be5af38eff8d5aa66c7da49","output_sha256":"c266da945cf363fc06de2bc284a125399077f81e20a6d990c886add39a7e7d4e","output_sha512":"0506008352f0118e2d0e6af2d55a11c7a4ad5f4be31feecba5f07928064b56f7c94238a83db06fd50c48e9017a3f653ad787d4de1f5728109bf73e58d68ae7a8","output_size":246,"source":[{"content":"exports.handler = async (event) =\u003e {\n  console.log(\"Dummy lambda invoked\");\n  return { statusCode: 200, body: \"dummy\" };\n};\n","filename":"index.js"}],"source_content":null,"source_content_filename":null,"source_dir":null,"source_file":null,"type":"zip"},"sensitive_values":{"source":[{}]}},{"address":"data.aws_availability_zones.available","mode":"data","type":"aws_availability_zones","name":"available","provider_name":"registry.terraform.io/hashicorp/aws","schema_version":0,"values":{"all_availability_zones":null,"exclude_names":null,"exclude_zone_ids":null,"filter":null,"group_names":[""],"id":"us-east-1","names":["us-east-1a","us-east-1b","us-east-1c","us-east-1d","us-east-1e","us-east-1f"],"region":"us-east-1","state":null,"timeouts":null,"zone_ids":["use1-az6","use1-az1","use1-az2","use1-az4","use1-az3","use1-az5"]},"sensitive_values":{"group_names":[false],"names":[false,false,false,false,false,false],"zone_ids":[false,false,false,false,false,false]}}]}}},"configuration":{"provider_config":{"archive":{"name":"archive","full_name":"registry.terraform.io/hashicorp/archive"},"aws":{"name":"aws","full_name":"registry.terraform.io/hashicorp/aws","version_constraint":"\u003e= 4.0.0","expressions":{"region":{"references":["var.aws_region"]}}}},"root_module":{"outputs":{"api_gateway_url":{"expression":{"references":["aws_api_gateway_rest_api.main.id","aws_api_gateway_rest_api.main","var.aws_region"]},"description":"Invoke URL for the API Gateway."},"lambda_artifacts_bucket":{"expression":{"references":["aws_s3_bucket.lambda_artifacts.bucket","aws_s3_bucket.lambda_artifacts"]},"description":"S3 bucket for Lambda artifacts."},"lambda_java_function_name":{"expression":{"references":["aws_lambda_function.java.function_name","aws_lambda_function.java"]},"description":"Java Lambda function name."},"lambda_node_function_name":{"expression":{"references":["aws_lambda_function.node.function_name","aws_lambda_function.node"]},"description":"Node.js Lambda function name."}},"resources":[{"address":"aws_api_gateway_deployment.main","mode":"managed","type":"aws_api_gateway_deployment","name":"main","provider_config_key":"aws","expressions":{"rest_api_id":{"references":["aws_api_gateway_rest_api.main.id","aws_api_gateway_rest_api.main"]}},"schema_version":0,"depends_on":["aws_api_gateway_integration.java","aws_api_gateway_integration.node"]},{"address":"aws_api_gateway_integration.java","mode":"managed","type":"aws_api_gateway_integration","name":"java","provider_config_key":"aws","expressions":{"http_method":{"references":["aws_api_gateway_method.java_post.http_method","aws_api_gateway_method.java_post"]},"integration_http_method":{"constant_value":"POST"},"resource_id":{"references":["aws_api_gateway_resource.lambda.id","aws_api_gateway_resource.lambda"]},"rest_api_id":{"references":["aws_api_gateway_rest_api.main.id","aws_api_gateway_rest_api.main"]},"type":{"constant_value":"AWS_PROXY"},"uri":{"references":["aws_lambda_function.java.invoke_arn","aws_lambda_function.java"]}},"schema_version":0},{"address":"aws_api_gateway_integration.node","mode":"managed","type":"aws_api_gateway_integration","name":"node","provider_config_key":"aws","expressions":{"http_method":{"references":["aws_api_gateway_method.node_post.http_method","aws_api_gateway_method.node_post"]},"integration_http_method":{"constant_value":"POST"},"resource_id":{"references":["aws_api_gateway_resource.lambda.id","aws_api_gateway_resource.lambda"]},"rest_api_id":{"references":["aws_api_gateway_rest_api.main.id","aws_api_gateway_rest_api.main"]},"type":{"constant_value":"AWS_PROXY"},"uri":{"references":["aws_lambda_function.node.invoke_arn","aws_lambda_function.node"]}},"schema_version":0},{"address":"aws_api_gateway_method.java_post","mode":"managed","type":"aws_api_gateway_method","name":"java_post","provider_config_key":"aws","expressions":{"authorization":{"constant_value":"NONE"},"http_method":{"constant_value":"POST"},"resource_id":{"references":["aws_api_gateway_resource.lambda.id","aws_api_gateway_resource.lambda"]},"rest_api_id":{"references":["aws_api_gateway_rest_api.main.id","aws_api_gateway_rest_api.main"]}},"schema_version":0},{"address":"aws_api_gateway_method.node_post","mode":"managed","type":"aws_api_gateway_method","name":"node_post","provider_config_key":"aws","expressions":{"authorization":{"constant_value":"NONE"},"http_method":{"constant_value":"GET"},"resource_id":{"references":["aws_api_gateway_resource.lambda.id","aws_api_gateway_resource.lambda"]},"rest_api_id":{"references":["aws_api_gateway_rest_api.main.id","aws_api_gateway_rest_api.main"]}},"schema_version":0},{"address":"aws_api_gateway_resource.lambda","mode":"managed","type":"aws_api_gateway_resource","name":"lambda","provider_config_key":"aws","expressions":{"parent_id":{"references":["aws_api_gateway_rest_api.main.root_resource_id","aws_api_gateway_rest_api.main"]},"path_part":{"constant_value":"lambda"},"rest_api_id":{"references":["aws_api_gateway_rest_api.main.id","aws_api_gateway_rest_api.main"]}},"schema_version":0},{"address":"aws_api_gateway_rest_api.main","mode":"managed","type":"aws_api_gateway_rest_api","name":"main","provider_config_key":"aws","expressions":{"description":{"constant_value":"API Gateway for Lambda integration"},"name":{"constant_value":"main-api"}},"schema_version":0},{"address":"aws_api_gateway_stage.prod","mode":"managed","type":"aws_api_gateway_stage","name":"prod","provider_config_key":"aws","expressions":{"deployment_id":{"references":["aws_api_gateway_deployment.main.id","aws_api_gateway_deployment.main"]},"rest_api_id":{"references":["aws_api_gateway_rest_api.main.id","aws_api_gateway_rest_api.main"]},"stage_name":{"constant_value":"prod"}},"schema_version":0},{"address":"aws_iam_policy_attachment.lambda_logs","mode":"managed","type":"aws_iam_policy_attachment","name":"lambda_logs","provider_config_key":"aws","expressions":{"name":{"constant_value":"lambda-logs-attach"},"policy_arn":{"constant_value":"arn:aws:iam::aws:policy/service-role/AWSLambdaBasicExecutionRole"},"roles":{"references":["aws_iam_role.lambda_exec.name","aws_iam_role.lambda_exec"]}},"schema_version":0},{"address":"aws_iam_role.lambda_exec","mode":"managed","type":"aws_iam_role","name":"lambda_exec","provider_config_key":"aws","expressions":{"assume_role_policy":{},"name":{"constant_value":"lambda-exec-role"}},"schema_version":0},{"address":"aws_internet_gateway.gw","mode":"managed","type":"aws_internet_gateway","name":"gw","provider_config_key":"aws","expressions":{"tags":{"constant_value":{"Name":"main-igw"}},"vpc_id":{"references":["aws_vpc.main.id","aws_vpc.main"]}},"schema_version":0},{"address":"aws_lambda_function.java","mode":"managed","type":"aws_lambda_function","name":"java","provider_config_key":"aws","expressions":{"environment":[{"variables":{"constant_value":{"STAGE":"prod"}}}],"function_name":{"constant_value":"java-lambda"},"handler":{"constant_value":"com.example.Handler::handleRequest"},"memory_size":{"constant_value":512},"role":{"references":["aws_iam_role.lambda_exec.arn","aws_iam_role.lambda_exec"]},"runtime":{"constant_value":"java11"},"s3_bucket":{"references":["var.lambda_artifacts_bucket"]},"s3_key":{"references":["var.lambda_java_s3_key"]},"tags":{"constant_value":{"Name":"java-lambda"}},"timeout":{"constant_value":10},"vpc_config":[{"security_group_ids":{"references":["aws_security_group.lambda_sg.id","aws_security_group.lambda_sg"]},"subnet_ids":{"references":["aws_subnet.private.id","aws_subnet.private"]}}]},"schema_version":0},{"address":"aws_lambda_function.node","mode":"managed","type":"aws_lambda_function","name":"node","provider_config_key":"aws","expressions":{"environment":[{"variables":{"constant_value":{"STAGE":"prod"}}}],"function_name":{"constant_value":"nodejs-lambda"},"handler":{"constant_value":"index.handler"},"memory_size":{"constant_value":512},"role":{"references":["aws_iam_role.lambda_exec.arn","aws_iam_role.lambda_exec"]},"runtime":{"constant_value":"nodejs16.x"},"s3_bucket":{"references":["var.lambda_artifacts_bucket"]},"s3_key":{"references":["var.lambda_node_s3_key"]},"tags":{"constant_value":{"Name":"nodejs-lambda"}},"timeout":{"constant_value":10},"vpc_config":[{"security_group_ids":{"references":["aws_security_group.lambda_sg.id","aws_security_group.lambda_sg"]},"subnet_ids":{"references":["aws_subnet.private.id","aws_subnet.private"]}}]},"schema_version":0},{"address":"aws_lambda_permission.apigw_java","mode":"managed","type":"aws_lambda_permission","name":"apigw_java","provider_config_key":"aws","expressions":{"action":{"constant_value":"lambda:InvokeFunction"},"function_name":{"references":["aws_lambda_function.java.function_name","aws_lambda_function.java"]},"principal":{"constant_value":"apigateway.amazonaws.com"},"source_arn":{"references":["aws_api_gateway_rest_api.main.execution_arn","aws_api_gateway_rest_api.main"]},"statement_id":{"constant_value":"AllowAPIGatewayInvokeJava"}},"schema_version":0},{"address":"aws_lambda_permission.apigw_node","mode":"managed","type":"aws_lambda_permission","name":"apigw_node","provider_config_key":"aws","expressions":{"action":{"constant_value":"lambda:InvokeFunction"},"function_name":{"references":["aws_lambda_function.node.function_name","aws_lambda_function.node"]},"principal":{"constant_value":"apigateway.amazonaws.com"},"source_arn":{"references":["aws_api_gateway_rest_api.main.execution_arn","aws_api_gateway_rest_api.main"]},"statement_id":{"constant_value":"AllowAPIGatewayInvokeNode"}},"schema_version":0},{"address":"aws_route_table.public","mode":"managed","type":"aws_route_table","name":"public","provider_config_key":"aws","expressions":{"route":{"references":["aws_internet_gateway.gw.id","aws_internet_gateway.gw"]},"tags":{"constant_value":{"Name":"public-rt"}},"vpc_id":{"references":["aws_vpc.main.id","aws_vpc.main"]}},"schema_version":0},{"address":"aws_route_table_association.public","mode":"managed","type":"aws_route_table_association","name":"public","provider_config_key":"aws","expressions":{"route_table_id":{"references":["aws_route_table.public.id","aws_route_table.public"]},"subnet_id":{"references":["aws_subnet.public.id","aws_subnet.public"]}},"schema_version":0},{"address":"aws_s3_bucket.lambda_artifacts","mode":"managed","type":"aws_s3_bucket","name":"lambda_artifacts","provider_config_key":"aws","expressions":{"bucket":{"references":["var.lambda_artifacts_bucket"]},"force_destroy":{"constant_value":true},"tags":{"constant_value":{"Name":"lambda-artifacts"}}},"schema_version":0},{"address":"aws_s3_bucket_acl.lambda_artifacts_acl","mode":"managed","type":"aws_s3_bucket_acl","name":"lambda_artifacts_acl","provider_config_key":"aws","expressions":{"acl":{"constant_value":"private"},"bucket":{"references":["aws_s3_bucket.lambda_artifacts.id","aws_s3_bucket.lambda_artifacts"]}},"schema_version":0},{"address":"aws_security_group.lambda_sg","mode":"managed","type":"aws_security_group","name":"lambda_sg","provider_config_key":"aws","expressions":{"description":{"constant_value":"Allow Lambda outbound access"},"egress":{"constant_value":[{"cidr_blocks":["0.0.0.0/0"],"description":null,"from_port":0,"ipv6_cidr_blocks":null,"prefix_list_ids":null,"protocol":"-1","security_groups":null,"self":null,"to_port":0}]},"ingress":{"references":["aws_vpc.main.cidr_block","aws_vpc.main"]},"name":{"constant_value":"lambda-sg"},"tags":{"constant_value":{"Name":"lambda-sg"}},"vpc_id":{"references":["aws_vpc.main.id","aws_vpc.main"]}},"schema_version":1},{"address":"aws_subnet.private","mode":"managed","type":"aws_subnet","name":"private","provider_config_key":"aws","expressions":{"availability_zone":{"references":["data.aws_availability_zones.available.names[0]","data.aws_availability_zones.available.names","data.aws_availability_zones.available"]},"cidr_block":{"references":["var.private_subnet_cidr"]},"tags":{"constant_value":{"Name":"private-subnet"}},"vpc_id":{"references":["aws_vpc.main.id","aws_vpc.main"]}},"schema_version":1},{"address":"aws_subnet.public","mode":"managed","type":"aws_subnet","name":"public","provider_config_key":"aws","expressions":{"availability_zone":{"references":["data.aws_availability_zones.available.names[0]","data.aws_availability_zones.available.names","data.aws_availability_zones.available"]},"cidr_block":{"references":["var.public_subnet_cidr"]},"map_public_ip_on_launch":{"constant_value":true},"tags":{"constant_value":{"Name":"public-subnet"}},"vpc_id":{"references":["aws_vpc.main.id","aws_vpc.main"]}},"schema_version":1},{"address":"aws_vpc.main","mode":"managed","type":"aws_vpc","name":"main","provider_config_key":"aws","expressions":{"cidr_block":{"references":["var.vpc_cidr"]},"enable_dns_hostnames":{"constant_value":true},"enable_dns_support":{"constant_value":true},"tags":{"constant_value":{"Name":"main-vpc"}}},"schema_version":1},{"address":"data.archive_file.lambda_dummy","mode":"data","type":"archive_file","name":"lambda_dummy","provider_config_key":"archive","expressions":{"output_path":{"references":["local.lambda_dummy_zip"]},"source":[{"content":{"constant_value":"exports.handler = async (event) =\u003e {\n  console.log(\"Dummy lambda invoked\");\n  return { statusCode: 200, body: \"dummy\" };\n};\n"},"filename":{"constant_value":"index.js"}}],"type":{"constant_value":"zip"}},"schema_version":0},{"address":"data.aws_availability_zones.available","mode":"data","type":"aws_availability_zones","name":"available","provider_config_key":"aws","schema_version":0}],"variables":{"aws_region":{"default":"us-east-1","description":"AWS region to deploy resources in."},"lambda_artifacts_bucket":{"description":"S3 bucket for Lambda deployment artifacts."},"lambda_java_s3_key":{"description":"S3 key for the Java Lambda artifact."},"lambda_node_s3_key":{"description":"S3 key for the Node.js Lambda artifact."},"private_subnet_cidr":{"default":"10.0.2.0/24","description":"CIDR block for the private subnet."},"public_subnet_cidr":{"default":"10.0.1.0/24","description":"CIDR block for the public subnet."},"vpc_cidr":{"default":"10.0.0.0/16","description":"CIDR block for the VPC."}}}},"relevant_attributes":[{"resource":"aws_api_gateway_rest_api.main","attribute":["execution_arn"]},{"resource":"aws_subnet.private","attribute":["id"]},{"resource":"aws_api_gateway_deployment.main","attribute":["id"]},{"resource":"aws_lambda_function.java","attribute":["function_name"]},{"resource":"aws_iam_role.lambda_exec","attribute":["arn"]},{"resource":"aws_route_table.public","attribute":["id"]},{"resource":"aws_api_gateway_method.node_post","attribute":["http_method"]},{"resource":"aws_api_gateway_rest_api.main","attribute":["id"]},{"resource":"aws_iam_role.lambda_exec","attribute":["name"]},{"resource":"aws_s3_bucket.lambda_artifacts","attribute":["bucket"]},{"resource":"aws_internet_gateway.gw","attribute":["id"]},{"resource":"aws_api_gateway_rest_api.main","attribute":["root_resource_id"]},{"resource":"aws_vpc.main","attribute":["id"]},{"resource":"data.aws_availability_zones.available","attribute":["names",0]},{"resource":"aws_vpc.main","attribute":["cidr_block"]},{"resource":"aws_lambda_function.node","attribute":["function_name"]},{"resource":"aws_subnet.public","attribute":["id"]},{"resource":"aws_lambda_function.node","attribute":["invoke_arn"]},{"resource":"aws_api_gateway_resource.lambda","attribute":["id"]},{"resource":"aws_s3_bucket.lambda_artifacts","attribute":["id"]},{"resource":"aws_api_gateway_method.java_post","attribute":["http_method"]},{"resource":"aws_lambda_function.java","attribute":["invoke_arn"]},{"resource":"aws_security_group.lambda_sg","attribute":["id"]}],"timestamp":"2026-01-19T12:37:53Z","applyable":true,"complete":true,"errored":false}
