data.aws_route53_zone.selected: Reading...

Terraform used the selected providers to generate the following execution
plan. Resource actions are indicated with the following symbols:
  + create
 <= read (data resources)

Terraform planned the following actions, but then encountered a problem:

  # data.aws_iam_policy_document.s3_deploy will be read during apply
  # (config refers to values not yet known)
 <= data "aws_iam_policy_document" "s3_deploy" {
      + id            = (known after apply)
      + json          = (known after apply)
      + minified_json = (known after apply)

      + statement {
          + actions   = [
              + "s3:DeleteObject",
              + "s3:ListBucket",
              + "s3:PutObject",
              + "s3:PutObjectAcl",
            ]
          + effect    = "Allow"
          + resources = [
              + (known after apply),
              + (known after apply),
            ]
        }
    }

  # data.aws_iam_policy_document.s3_policy will be read during apply
  # (config refers to values not yet known)
 <= data "aws_iam_policy_document" "s3_policy" {
      + id            = (known after apply)
      + json          = (known after apply)
      + minified_json = (known after apply)

      + statement {
          + actions   = [
              + "s3:GetObject",
            ]
          + effect    = "Allow"
          + resources = [
              + (known after apply),
            ]

          + principals {
              + identifiers = [
                  + (known after apply),
                ]
              + type        = "AWS"
            }
        }
    }

  # aws_acm_certificate.site_cert will be created
  + resource "aws_acm_certificate" "site_cert" {
      + arn                       = (known after apply)
      + domain_name               = "ai-tf"
      + domain_validation_options = [
          + {
              + domain_name           = "ai-tf"
              + resource_record_name  = (known after apply)
              + resource_record_type  = (known after apply)
              + resource_record_value = (known after apply)
            },
        ]
      + id                        = (known after apply)
      + key_algorithm             = (known after apply)
      + not_after                 = (known after apply)
      + not_before                = (known after apply)
      + pending_renewal           = (known after apply)
      + region                    = "us-east-1"
      + renewal_eligibility       = (known after apply)
      + renewal_summary           = (known after apply)
      + status                    = (known after apply)
      + subject_alternative_names = [
          + "ai-tf",
        ]
      + tags_all                  = (known after apply)
      + type                      = (known after apply)
      + validation_emails         = (known after apply)
      + validation_method         = "DNS"

      + options (known after apply)
    }

  # aws_cloudfront_distribution.static_site will be created
  + resource "aws_cloudfront_distribution" "static_site" {
      + aliases                         = [
          + "ai-tf",
        ]
      + arn                             = (known after apply)
      + caller_reference                = (known after apply)
      + comment                         = "CDN for static site"
      + continuous_deployment_policy_id = (known after apply)
      + default_root_object             = "index.html"
      + domain_name                     = (known after apply)
      + enabled                         = true
      + etag                            = (known after apply)
      + hosted_zone_id                  = (known after apply)
      + http_version                    = "http2"
      + id                              = (known after apply)
      + in_progress_validation_batches  = (known after apply)
      + is_ipv6_enabled                 = true
      + last_modified_time              = (known after apply)
      + logging_v1_enabled              = (known after apply)
      + price_class                     = "PriceClass_100"
      + retain_on_delete                = false
      + staging                         = false
      + status                          = (known after apply)
      + tags_all                        = (known after apply)
      + trusted_key_groups              = (known after apply)
      + trusted_signers                 = (known after apply)
      + wait_for_deployment             = true

      + default_cache_behavior {
          + allowed_methods        = [
              + "GET",
              + "HEAD",
            ]
          + cached_methods         = [
              + "GET",
              + "HEAD",
            ]
          + compress               = false
          + default_ttl            = 3600
          + max_ttl                = 86400
          + min_ttl                = 0
          + target_origin_id       = "s3-static-site"
          + trusted_key_groups     = (known after apply)
          + trusted_signers        = (known after apply)
          + viewer_protocol_policy = "redirect-to-https"

          + forwarded_values {
              + headers                 = (known after apply)
              + query_string            = false
              + query_string_cache_keys = (known after apply)

              + cookies {
                  + forward           = "none"
                  + whitelisted_names = (known after apply)
                }
            }

          + grpc_config (known after apply)
        }

      + logging_config {
          + bucket          = (known after apply)
          + include_cookies = false
          + prefix          = "cloudfront/"
        }

      + origin {
          + connection_attempts         = 3
          + connection_timeout          = 10
          + domain_name                 = (known after apply)
          + origin_id                   = "s3-static-site"
          + response_completion_timeout = (known after apply)
            # (2 unchanged attributes hidden)

          + s3_origin_config {
              + origin_access_identity = (known after apply)
            }
        }

      + restrictions {
          + geo_restriction {
              + locations        = (known after apply)
              + restriction_type = "none"
            }
        }

      + viewer_certificate {
          + acm_certificate_arn      = (known after apply)
          + minimum_protocol_version = "TLSv1.2_2021"
          + ssl_support_method       = "sni-only"
        }
    }

  # aws_cloudfront_origin_access_identity.oai will be created
  + resource "aws_cloudfront_origin_access_identity" "oai" {
      + arn                             = (known after apply)
      + caller_reference                = (known after apply)
      + cloudfront_access_identity_path = (known after apply)
      + comment                         = "OAI for static site S3 bucket"
      + etag                            = (known after apply)
      + iam_arn                         = (known after apply)
      + id                              = (known after apply)
      + s3_canonical_user_id            = (known after apply)
    }

  # aws_iam_policy.s3_deploy will be created
  + resource "aws_iam_policy" "s3_deploy" {
      + arn              = (known after apply)
      + attachment_count = (known after apply)
      + description      = "Policy for deployment automation to S3 bucket."
      + id               = (known after apply)
      + name             = "S3DeployPolicy"
      + name_prefix      = (known after apply)
      + path             = "/"
      + policy           = (known after apply)
      + policy_id        = (known after apply)
      + tags_all         = (known after apply)
    }

  # aws_s3_bucket.log[0] will be created
  + resource "aws_s3_bucket" "log" {
      + acceleration_status         = (known after apply)
      + acl                         = (known after apply)
      + arn                         = (known after apply)
      + bucket                      = "ai-tf-logs"
      + bucket_domain_name          = (known after apply)
      + bucket_prefix               = (known after apply)
      + bucket_region               = (known after apply)
      + bucket_regional_domain_name = (known after apply)
      + force_destroy               = true
      + hosted_zone_id              = (known after apply)
      + id                          = (known after apply)
      + object_lock_enabled         = (known after apply)
      + policy                      = (known after apply)
      + region                      = "us-east-1"
      + request_payer               = (known after apply)
      + tags_all                    = (known after apply)
      + website_domain              = (known after apply)
      + website_endpoint            = (known after apply)

      + cors_rule (known after apply)

      + grant (known after apply)

      + lifecycle_rule (known after apply)

      + logging (known after apply)

      + object_lock_configuration (known after apply)

      + replication_configuration (known after apply)

      + server_side_encryption_configuration (known after apply)

      + versioning (known after apply)

      + website (known after apply)
    }

  # aws_s3_bucket.static_site will be created
  + resource "aws_s3_bucket" "static_site" {
      + acceleration_status         = (known after apply)
      + acl                         = (known after apply)
      + arn                         = (known after apply)
      + bucket                      = "ai-tf"
      + bucket_domain_name          = (known after apply)
      + bucket_prefix               = (known after apply)
      + bucket_region               = (known after apply)
      + bucket_regional_domain_name = (known after apply)
      + force_destroy               = true
      + hosted_zone_id              = (known after apply)
      + id                          = (known after apply)
      + object_lock_enabled         = (known after apply)
      + policy                      = (known after apply)
      + region                      = "us-east-1"
      + request_payer               = (known after apply)
      + tags_all                    = (known after apply)
      + website_domain              = (known after apply)
      + website_endpoint            = (known after apply)

      + cors_rule (known after apply)

      + grant (known after apply)

      + lifecycle_rule (known after apply)

      + logging (known after apply)

      + object_lock_configuration (known after apply)

      + replication_configuration (known after apply)

      + server_side_encryption_configuration (known after apply)

      + versioning (known after apply)

      + website {
          + error_document = "404.html"
          + index_document = "index.html"
        }
    }

  # aws_s3_bucket_policy.static_site will be created
  + resource "aws_s3_bucket_policy" "static_site" {
      + bucket = (known after apply)
      + id     = (known after apply)
      + policy = (known after apply)
      + region = "us-east-1"
    }

  # aws_s3_bucket_public_access_block.static_site will be created
  + resource "aws_s3_bucket_public_access_block" "static_site" {
      + block_public_acls       = true
      + block_public_policy     = false
      + bucket                  = (known after apply)
      + id                      = (known after apply)
      + ignore_public_acls      = true
      + region                  = "us-east-1"
      + restrict_public_buckets = false
    }

  # aws_s3_bucket_server_side_encryption_configuration.static_site will be created
  + resource "aws_s3_bucket_server_side_encryption_configuration" "static_site" {
      + bucket = (known after apply)
      + id     = (known after apply)
      + region = "us-east-1"

      + rule {
          + blocked_encryption_types = []

          + apply_server_side_encryption_by_default {
              + sse_algorithm     = "AES256"
                # (1 unchanged attribute hidden)
            }
        }
    }

Plan: 9 to add, 0 to change, 0 to destroy.

Changes to Outputs:
  + cloudfront_domain_name = (known after apply)
  + s3_bucket_name         = "ai-tf"
  + site_url               = (known after apply)

Warning: Argument is deprecated

  with aws_s3_bucket.static_site,
  on s3.tf line 1, in resource "aws_s3_bucket" "static_site":
   1: resource "aws_s3_bucket" "static_site" {

website is deprecated. Use the aws_s3_bucket_website_configuration resource
instead.
