data.aws_vpc.default: Reading...
data.aws_iam_policy_document.ecs_task_assume_role_policy: Reading...
data.aws_iam_policy_document.ecs_task_assume_role_policy: Read complete after 0s [id=1077804475]
data.aws_vpc.default: Read complete after 0s [id=vpc-aa089a85c0aba37ae]
data.aws_subnets.default: Reading...
data.aws_subnets.default: Read complete after 0s [id=us-east-1]

Terraform used the selected providers to generate the following execution
plan. Resource actions are indicated with the following symbols:
  + create

Terraform will perform the following actions:

  # aws_ecr_repository.mlflow will be created
  + resource "aws_ecr_repository" "mlflow" {
      + arn                  = (known after apply)
      + force_delete         = true
      + id                   = (known after apply)
      + image_tag_mutability = "MUTABLE"
      + name                 = "mlflow-server"
      + region               = "us-east-1"
      + registry_id          = (known after apply)
      + repository_url       = (known after apply)
      + tags                 = {
          + "Name" = "mlflow-server"
        }
      + tags_all             = {
          + "Name" = "mlflow-server"
        }
    }

  # aws_ecs_cluster.mlflow will be created
  + resource "aws_ecs_cluster" "mlflow" {
      + arn      = (known after apply)
      + id       = (known after apply)
      + name     = "mlflow-server-cluster"
      + region   = "us-east-1"
      + tags_all = (known after apply)

      + setting (known after apply)
    }

  # aws_ecs_service.mlflow will be created
  + resource "aws_ecs_service" "mlflow" {
      + arn                                = (known after apply)
      + availability_zone_rebalancing      = (known after apply)
      + cluster                            = (known after apply)
      + deployment_maximum_percent         = 200
      + deployment_minimum_healthy_percent = 100
      + desired_count                      = 1
      + enable_ecs_managed_tags            = false
      + enable_execute_command             = false
      + iam_role                           = (known after apply)
      + id                                 = (known after apply)
      + launch_type                        = "FARGATE"
      + name                               = "mlflow-server"
      + platform_version                   = (known after apply)
      + region                             = "us-east-1"
      + scheduling_strategy                = "REPLICA"
      + tags                               = {
          + "Name" = "mlflow-server"
        }
      + tags_all                           = {
          + "Name" = "mlflow-server"
        }
      + task_definition                    = (known after apply)
      + triggers                           = (known after apply)
      + wait_for_steady_state              = false

      + deployment_configuration (known after apply)

      + load_balancer {
          + container_name   = "mlflow-server"
          + container_port   = 80
          + target_group_arn = (known after apply)
            # (1 unchanged attribute hidden)
        }

      + network_configuration {
          + assign_public_ip = true
          + security_groups  = (known after apply)
          + subnets          = [
              + "subnet-3718af2955cb15523",
              + "subnet-6fe9ef8395ab9c9d3",
              + "subnet-c6afabad2da805219",
              + "subnet-d9974de822fcfc88f",
              + "subnet-da32903007cada44b",
              + "subnet-f887a799cca5b5771",
            ]
        }
    }

  # aws_ecs_task_definition.mlflow will be created
  + resource "aws_ecs_task_definition" "mlflow" {
      + arn                      = (known after apply)
      + arn_without_revision     = (known after apply)
      + container_definitions    = (known after apply)
      + cpu                      = "512"
      + enable_fault_injection   = (known after apply)
      + execution_role_arn       = (known after apply)
      + family                   = "mlflow-server"
      + id                       = (known after apply)
      + memory                   = "1024"
      + network_mode             = "awsvpc"
      + region                   = "us-east-1"
      + requires_compatibilities = [
          + "FARGATE",
        ]
      + revision                 = (known after apply)
      + skip_destroy             = false
      + tags                     = {
          + "Name" = "mlflow-server"
        }
      + tags_all                 = {
          + "Name" = "mlflow-server"
        }
      + track_latest             = false
    }

  # aws_iam_role.ecs_task_execution will be created
  + resource "aws_iam_role" "ecs_task_execution" {
      + arn                   = (known after apply)
      + assume_role_policy    = jsonencode(
            {
              + Statement = [
                  + {
                      + Action    = "sts:AssumeRole"
                      + Effect    = "Allow"
                      + Principal = {
                          + Service = "ecs-tasks.amazonaws.com"
                        }
                    },
                ]
              + Version   = "2012-10-17"
            }
        )
      + create_date           = (known after apply)
      + force_detach_policies = false
      + id                    = (known after apply)
      + managed_policy_arns   = (known after apply)
      + max_session_duration  = 3600
      + name                  = "mlflow-server-ecs-task-execution"
      + name_prefix           = (known after apply)
      + path                  = "/"
      + tags_all              = (known after apply)
      + unique_id             = (known after apply)

      + inline_policy (known after apply)
    }

  # aws_iam_role_policy_attachment.ecs_task_execution_policy will be created
  + resource "aws_iam_role_policy_attachment" "ecs_task_execution_policy" {
      + id         = (known after apply)
      + policy_arn = "arn:aws:iam::aws:policy/service-role/AmazonECSTaskExecutionRolePolicy"
      + role       = "mlflow-server-ecs-task-execution"
    }

  # aws_lb.mlflow will be created
  + resource "aws_lb" "mlflow" {
      + arn                                                          = (known after apply)
      + arn_suffix                                                   = (known after apply)
      + client_keep_alive                                            = 3600
      + desync_mitigation_mode                                       = "defensive"
      + dns_name                                                     = (known after apply)
      + drop_invalid_header_fields                                   = false
      + enable_deletion_protection                                   = false
      + enable_http2                                                 = true
      + enable_tls_version_and_cipher_suite_headers                  = false
      + enable_waf_fail_open                                         = false
      + enable_xff_client_port                                       = false
      + enable_zonal_shift                                           = false
      + enforce_security_group_inbound_rules_on_private_link_traffic = (known after apply)
      + id                                                           = (known after apply)
      + idle_timeout                                                 = 60
      + internal                                                     = false
      + ip_address_type                                              = (known after apply)
      + load_balancer_type                                           = "application"
      + name                                                         = "mlflow-server-alb"
      + name_prefix                                                  = (known after apply)
      + preserve_host_header                                         = false
      + region                                                       = "us-east-1"
      + secondary_ips_auto_assigned_per_subnet                       = (known after apply)
      + security_groups                                              = (known after apply)
      + subnets                                                      = [
          + "subnet-3718af2955cb15523",
          + "subnet-6fe9ef8395ab9c9d3",
          + "subnet-c6afabad2da805219",
          + "subnet-d9974de822fcfc88f",
          + "subnet-da32903007cada44b",
          + "subnet-f887a799cca5b5771",
        ]
      + tags                                                         = {
          + "Name" = "mlflow-server-alb"
        }
      + tags_all                                                     = {
          + "Name" = "mlflow-server-alb"
        }
      + vpc_id                                                       = (known after apply)
      + xff_header_processing_mode                                   = "append"
      + zone_id                                                      = (known after apply)

      + subnet_mapping (known after apply)
    }

  # aws_lb_listener.mlflow will be created
  + resource "aws_lb_listener" "mlflow" {
      + arn                                                                   = (known after apply)
      + id                                                                    = (known after apply)
      + load_balancer_arn                                                     = (known after apply)
      + port                                                                  = 80
      + protocol                                                              = "HTTP"
      + region                                                                = "us-east-1"
      + routing_http_request_x_amzn_mtls_clientcert_header_name               = (known after apply)
      + routing_http_request_x_amzn_mtls_clientcert_issuer_header_name        = (known after apply)
      + routing_http_request_x_amzn_mtls_clientcert_leaf_header_name          = (known after apply)
      + routing_http_request_x_amzn_mtls_clientcert_serial_number_header_name = (known after apply)
      + routing_http_request_x_amzn_mtls_clientcert_subject_header_name       = (known after apply)
      + routing_http_request_x_amzn_mtls_clientcert_validity_header_name      = (known after apply)
      + routing_http_request_x_amzn_tls_cipher_suite_header_name              = (known after apply)
      + routing_http_request_x_amzn_tls_version_header_name                   = (known after apply)
      + routing_http_response_access_control_allow_credentials_header_value   = (known after apply)
      + routing_http_response_access_control_allow_headers_header_value       = (known after apply)
      + routing_http_response_access_control_allow_methods_header_value       = (known after apply)
      + routing_http_response_access_control_allow_origin_header_value        = (known after apply)
      + routing_http_response_access_control_expose_headers_header_value      = (known after apply)
      + routing_http_response_access_control_max_age_header_value             = (known after apply)
      + routing_http_response_content_security_policy_header_value            = (known after apply)
      + routing_http_response_server_enabled                                  = (known after apply)
      + routing_http_response_strict_transport_security_header_value          = (known after apply)
      + routing_http_response_x_content_type_options_header_value             = (known after apply)
      + routing_http_response_x_frame_options_header_value                    = (known after apply)
      + ssl_policy                                                            = (known after apply)
      + tags_all                                                              = (known after apply)
      + tcp_idle_timeout_seconds                                              = (known after apply)

      + default_action {
          + order            = (known after apply)
          + target_group_arn = (known after apply)
          + type             = "forward"
        }

      + mutual_authentication (known after apply)
    }

  # aws_lb_target_group.mlflow will be created
  + resource "aws_lb_target_group" "mlflow" {
      + arn                                = (known after apply)
      + arn_suffix                         = (known after apply)
      + connection_termination             = (known after apply)
      + deregistration_delay               = "300"
      + id                                 = (known after apply)
      + ip_address_type                    = (known after apply)
      + lambda_multi_value_headers_enabled = false
      + load_balancer_arns                 = (known after apply)
      + load_balancing_algorithm_type      = (known after apply)
      + load_balancing_anomaly_mitigation  = (known after apply)
      + load_balancing_cross_zone_enabled  = (known after apply)
      + name                               = "mlflow-server-tg"
      + name_prefix                        = (known after apply)
      + port                               = 80
      + preserve_client_ip                 = (known after apply)
      + protocol                           = "HTTP"
      + protocol_version                   = (known after apply)
      + proxy_protocol_v2                  = false
      + region                             = "us-east-1"
      + slow_start                         = 0
      + tags                               = {
          + "Name" = "mlflow-server-tg"
        }
      + tags_all                           = {
          + "Name" = "mlflow-server-tg"
        }
      + target_type                        = "instance"
      + vpc_id                             = "vpc-aa089a85c0aba37ae"

      + health_check {
          + enabled             = true
          + healthy_threshold   = 2
          + interval            = 30
          + matcher             = "200-399"
          + path                = "/health"
          + port                = "traffic-port"
          + protocol            = "HTTP"
          + timeout             = 5
          + unhealthy_threshold = 2
        }

      + stickiness (known after apply)

      + target_failover (known after apply)

      + target_group_health (known after apply)

      + target_health_state (known after apply)
    }

  # aws_s3_bucket.mlflow_artifacts will be created
  + resource "aws_s3_bucket" "mlflow_artifacts" {
      + acceleration_status         = (known after apply)
      + acl                         = (known after apply)
      + arn                         = (known after apply)
      + bucket                      = (known after apply)
      + bucket_domain_name          = (known after apply)
      + bucket_prefix               = (known after apply)
      + bucket_region               = (known after apply)
      + bucket_regional_domain_name = (known after apply)
      + force_destroy               = true
      + hosted_zone_id              = (known after apply)
      + id                          = (known after apply)
      + object_lock_enabled         = (known after apply)
      + policy                      = (known after apply)
      + region                      = "us-east-1"
      + request_payer               = (known after apply)
      + tags                        = {
          + "Name" = "mlflow-server-artifacts"
        }
      + tags_all                    = {
          + "Name" = "mlflow-server-artifacts"
        }
      + website_domain              = (known after apply)
      + website_endpoint            = (known after apply)

      + cors_rule (known after apply)

      + grant (known after apply)

      + lifecycle_rule (known after apply)

      + logging (known after apply)

      + object_lock_configuration (known after apply)

      + replication_configuration (known after apply)

      + server_side_encryption_configuration (known after apply)

      + versioning (known after apply)

      + website (known after apply)
    }

  # aws_security_group.mlflow will be created
  + resource "aws_security_group" "mlflow" {
      + arn                    = (known after apply)
      + description            = "Allow HTTP access to MLflow"
      + egress                 = [
          + {
              + cidr_blocks      = [
                  + "0.0.0.0/0",
                ]
              + from_port        = 0
              + ipv6_cidr_blocks = []
              + prefix_list_ids  = []
              + protocol         = "-1"
              + security_groups  = []
              + self             = false
              + to_port          = 0
                # (1 unchanged attribute hidden)
            },
        ]
      + id                     = (known after apply)
      + ingress                = [
          + {
              + cidr_blocks      = [
                  + "0.0.0.0/0",
                ]
              + from_port        = 80
              + ipv6_cidr_blocks = []
              + prefix_list_ids  = []
              + protocol         = "tcp"
              + security_groups  = []
              + self             = false
              + to_port          = 80
                # (1 unchanged attribute hidden)
            },
        ]
      + name                   = "mlflow-server-sg"
      + name_prefix            = (known after apply)
      + owner_id               = (known after apply)
      + region                 = "us-east-1"
      + revoke_rules_on_delete = false
      + tags_all               = (known after apply)
      + vpc_id                 = "vpc-aa089a85c0aba37ae"
    }

  # random_id.suffix will be created
  + resource "random_id" "suffix" {
      + b64_std     = (known after apply)
      + b64_url     = (known after apply)
      + byte_length = 4
      + dec         = (known after apply)
      + hex         = (known after apply)
      + id          = (known after apply)
    }

Plan: 12 to add, 0 to change, 0 to destroy.

Changes to Outputs:
  + mlflow_artifact_bucket    = (known after apply)
  + mlflow_ecr_repository_url = (known after apply)
  + mlflow_ecs_service_url    = (known after apply)
random_id.suffix: Creating...
random_id.suffix: Creation complete after 0s [id=r_G-Sg]
aws_ecs_cluster.mlflow: Creating...
aws_ecr_repository.mlflow: Creating...
aws_iam_role.ecs_task_execution: Creating...
aws_security_group.mlflow: Creating...
aws_lb_target_group.mlflow: Creating...
aws_s3_bucket.mlflow_artifacts: Creating...
aws_security_group.mlflow: Creation complete after 0s [id=sg-1bc62ed5e68fbec10]
aws_lb.mlflow: Creating...
aws_iam_role.ecs_task_execution: Creation complete after 0s [id=mlflow-server-ecs-task-execution]
aws_iam_role_policy_attachment.ecs_task_execution_policy: Creating...
aws_iam_role_policy_attachment.ecs_task_execution_policy: Creation complete after 0s [id=mlflow-server-ecs-task-execution/arn:aws:iam::aws:policy/service-role/AmazonECSTaskExecutionRolePolicy]
aws_lb_target_group.mlflow: Creation complete after 0s [id=arn:aws:elasticloadbalancing:us-east-1:000000000000:targetgroup/mlflow-server-tg/c63f468a926bf316]
aws_ecr_repository.mlflow: Creation complete after 2s [id=mlflow-server]
aws_ecs_cluster.mlflow: Still creating... [00m10s elapsed]
aws_s3_bucket.mlflow_artifacts: Still creating... [00m10s elapsed]
aws_lb.mlflow: Still creating... [00m10s elapsed]
aws_ecs_cluster.mlflow: Creation complete after 10s [id=arn:aws:ecs:us-east-1:000000000000:cluster/mlflow-server-cluster]
aws_s3_bucket.mlflow_artifacts: Still creating... [00m20s elapsed]
aws_lb.mlflow: Still creating... [00m20s elapsed]
aws_s3_bucket.mlflow_artifacts: Still creating... [00m30s elapsed]
aws_lb.mlflow: Still creating... [00m30s elapsed]
aws_s3_bucket.mlflow_artifacts: Still creating... [00m40s elapsed]
aws_s3_bucket.mlflow_artifacts: Still creating... [00m50s elapsed]
aws_s3_bucket.mlflow_artifacts: Still creating... [01m00s elapsed]
aws_s3_bucket.mlflow_artifacts: Still creating... [01m10s elapsed]
aws_s3_bucket.mlflow_artifacts: Still creating... [01m20s elapsed]
aws_s3_bucket.mlflow_artifacts: Still creating... [01m30s elapsed]
aws_s3_bucket.mlflow_artifacts: Still creating... [01m40s elapsed]
aws_s3_bucket.mlflow_artifacts: Still creating... [01m50s elapsed]
aws_s3_bucket.mlflow_artifacts: Still creating... [02m00s elapsed]
aws_s3_bucket.mlflow_artifacts: Still creating... [02m10s elapsed]
aws_s3_bucket.mlflow_artifacts: Still creating... [02m20s elapsed]
aws_s3_bucket.mlflow_artifacts: Still creating... [02m30s elapsed]
aws_s3_bucket.mlflow_artifacts: Still creating... [02m40s elapsed]
aws_s3_bucket.mlflow_artifacts: Still creating... [02m50s elapsed]
aws_s3_bucket.mlflow_artifacts: Still creating... [03m00s elapsed]
aws_s3_bucket.mlflow_artifacts: Still creating... [03m10s elapsed]
aws_s3_bucket.mlflow_artifacts: Still creating... [03m20s elapsed]
aws_s3_bucket.mlflow_artifacts: Still creating... [03m30s elapsed]
aws_s3_bucket.mlflow_artifacts: Still creating... [03m40s elapsed]
aws_s3_bucket.mlflow_artifacts: Still creating... [03m50s elapsed]
aws_s3_bucket.mlflow_artifacts: Still creating... [04m00s elapsed]
aws_s3_bucket.mlflow_artifacts: Still creating... [04m10s elapsed]
aws_s3_bucket.mlflow_artifacts: Still creating... [04m20s elapsed]
aws_s3_bucket.mlflow_artifacts: Still creating... [04m30s elapsed]
aws_s3_bucket.mlflow_artifacts: Still creating... [04m40s elapsed]
aws_s3_bucket.mlflow_artifacts: Still creating... [04m50s elapsed]
aws_s3_bucket.mlflow_artifacts: Still creating... [05m00s elapsed]
aws_s3_bucket.mlflow_artifacts: Still creating... [05m10s elapsed]
aws_s3_bucket.mlflow_artifacts: Still creating... [05m20s elapsed]
aws_s3_bucket.mlflow_artifacts: Still creating... [05m30s elapsed]
aws_s3_bucket.mlflow_artifacts: Still creating... [05m40s elapsed]
aws_s3_bucket.mlflow_artifacts: Still creating... [05m50s elapsed]
aws_s3_bucket.mlflow_artifacts: Still creating... [06m00s elapsed]
aws_s3_bucket.mlflow_artifacts: Still creating... [06m10s elapsed]
aws_s3_bucket.mlflow_artifacts: Still creating... [06m20s elapsed]
aws_s3_bucket.mlflow_artifacts: Still creating... [06m30s elapsed]
aws_s3_bucket.mlflow_artifacts: Still creating... [06m40s elapsed]
aws_s3_bucket.mlflow_artifacts: Still creating... [06m50s elapsed]
aws_s3_bucket.mlflow_artifacts: Still creating... [07m00s elapsed]
aws_s3_bucket.mlflow_artifacts: Still creating... [07m10s elapsed]
aws_s3_bucket.mlflow_artifacts: Still creating... [07m20s elapsed]
aws_s3_bucket.mlflow_artifacts: Still creating... [07m30s elapsed]
aws_s3_bucket.mlflow_artifacts: Still creating... [07m40s elapsed]
aws_s3_bucket.mlflow_artifacts: Still creating... [07m50s elapsed]
aws_s3_bucket.mlflow_artifacts: Still creating... [08m00s elapsed]
aws_s3_bucket.mlflow_artifacts: Still creating... [08m10s elapsed]
aws_s3_bucket.mlflow_artifacts: Still creating... [08m20s elapsed]
aws_s3_bucket.mlflow_artifacts: Still creating... [08m30s elapsed]
aws_s3_bucket.mlflow_artifacts: Still creating... [08m40s elapsed]
aws_s3_bucket.mlflow_artifacts: Still creating... [08m50s elapsed]
aws_s3_bucket.mlflow_artifacts: Still creating... [09m00s elapsed]
aws_s3_bucket.mlflow_artifacts: Still creating... [09m10s elapsed]
aws_s3_bucket.mlflow_artifacts: Still creating... [09m20s elapsed]
aws_s3_bucket.mlflow_artifacts: Still creating... [09m30s elapsed]
aws_s3_bucket.mlflow_artifacts: Still creating... [09m40s elapsed]
aws_s3_bucket.mlflow_artifacts: Still creating... [09m50s elapsed]
aws_s3_bucket.mlflow_artifacts: Still creating... [10m00s elapsed]
aws_s3_bucket.mlflow_artifacts: Still creating... [10m10s elapsed]
aws_s3_bucket.mlflow_artifacts: Still creating... [10m20s elapsed]
aws_s3_bucket.mlflow_artifacts: Still creating... [10m30s elapsed]
aws_s3_bucket.mlflow_artifacts: Still creating... [10m40s elapsed]
aws_s3_bucket.mlflow_artifacts: Still creating... [10m50s elapsed]
aws_s3_bucket.mlflow_artifacts: Still creating... [11m00s elapsed]
aws_s3_bucket.mlflow_artifacts: Still creating... [11m10s elapsed]
aws_s3_bucket.mlflow_artifacts: Still creating... [11m20s elapsed]
aws_s3_bucket.mlflow_artifacts: Still creating... [11m30s elapsed]
aws_s3_bucket.mlflow_artifacts: Still creating... [11m40s elapsed]
aws_s3_bucket.mlflow_artifacts: Still creating... [11m50s elapsed]
aws_s3_bucket.mlflow_artifacts: Still creating... [12m00s elapsed]
aws_s3_bucket.mlflow_artifacts: Still creating... [12m10s elapsed]
aws_s3_bucket.mlflow_artifacts: Still creating... [12m20s elapsed]
aws_s3_bucket.mlflow_artifacts: Still creating... [12m30s elapsed]
aws_s3_bucket.mlflow_artifacts: Still creating... [12m40s elapsed]
aws_s3_bucket.mlflow_artifacts: Still creating... [12m50s elapsed]
aws_s3_bucket.mlflow_artifacts: Still creating... [13m00s elapsed]
aws_s3_bucket.mlflow_artifacts: Still creating... [13m10s elapsed]
