
Terraform used the selected providers to generate the following execution
plan. Resource actions are indicated with the following symbols:
  + create

Terraform will perform the following actions:

  # aws_iam_role.plugin_role will be created
  + resource "aws_iam_role" "plugin_role" {
      + arn                   = (known after apply)
      + assume_role_policy    = jsonencode(
            {
              + Statement = [
                  + {
                      + Action    = "sts:AssumeRole"
                      + Condition = {
                          + StringEquals = {
                              + "sts:ExternalId" = "nebari"
                            }
                        }
                      + Effect    = "Allow"
                      + Principal = {
                          + AWS = "*"
                        }
                    },
                ]
              + Version   = "2012-10-17"
            }
        )
      + create_date           = (known after apply)
      + force_detach_policies = false
      + id                    = (known after apply)
      + managed_policy_arns   = (known after apply)
      + max_session_duration  = 3600
      + name                  = (known after apply)
      + name_prefix           = "nebari-metrics-server-plugin-role-"
      + path                  = "/"
      + tags                  = {
          + "Name" = "nebari-metrics-server-plugin-role"
        }
      + tags_all              = {
          + "Managed" = "terraform"
          + "Name"    = "nebari-metrics-server-plugin-role"
          + "Project" = "nebari-metrics-server-plugin"
        }
      + unique_id             = (known after apply)

      + inline_policy (known after apply)
    }

  # aws_iam_role_policy.plugin_role_minimal will be created
  + resource "aws_iam_role_policy" "plugin_role_minimal" {
      + id          = (known after apply)
      + name        = (known after apply)
      + name_prefix = "nebari-metrics-server-plugin-policy-"
      + policy      = (known after apply)
      + role        = (known after apply)
    }

  # aws_s3_bucket.artifacts will be created
  + resource "aws_s3_bucket" "artifacts" {
      + acceleration_status         = (known after apply)
      + acl                         = (known after apply)
      + arn                         = (known after apply)
      + bucket                      = (known after apply)
      + bucket_domain_name          = (known after apply)
      + bucket_prefix               = (known after apply)
      + bucket_regional_domain_name = (known after apply)
      + force_destroy               = true
      + hosted_zone_id              = (known after apply)
      + id                          = (known after apply)
      + object_lock_enabled         = (known after apply)
      + policy                      = (known after apply)
      + region                      = (known after apply)
      + request_payer               = (known after apply)
      + tags                        = {
          + "Name" = "nebari-metrics-server-plugin-artifacts"
        }
      + tags_all                    = {
          + "Managed" = "terraform"
          + "Name"    = "nebari-metrics-server-plugin-artifacts"
          + "Project" = "nebari-metrics-server-plugin"
        }
      + website_domain              = (known after apply)
      + website_endpoint            = (known after apply)

      + cors_rule (known after apply)

      + grant (known after apply)

      + lifecycle_rule (known after apply)

      + logging (known after apply)

      + object_lock_configuration (known after apply)

      + replication_configuration (known after apply)

      + server_side_encryption_configuration (known after apply)

      + versioning (known after apply)

      + website (known after apply)
    }

  # aws_s3_bucket_server_side_encryption_configuration.artifacts will be created
  + resource "aws_s3_bucket_server_side_encryption_configuration" "artifacts" {
      + bucket = (known after apply)
      + id     = (known after apply)

      + rule {
          + apply_server_side_encryption_by_default {
              + sse_algorithm     = "AES256"
                # (1 unchanged attribute hidden)
            }
        }
    }

  # aws_s3_bucket_versioning.artifacts will be created
  + resource "aws_s3_bucket_versioning" "artifacts" {
      + bucket = (known after apply)
      + id     = (known after apply)

      + versioning_configuration {
          + mfa_delete = (known after apply)
          + status     = "Enabled"
        }
    }

Plan: 5 to add, 0 to change, 0 to destroy.

Changes to Outputs:
  + artifact_bucket_arn  = (known after apply)
  + artifact_bucket_name = (known after apply)
  + iam_role_arn         = (known after apply)
