{"format_version":"1.2","terraform_version":"1.13.5","variables":{"app_env":{"value":{"ADMIN_JWT_SECRET":"tobemodified","API_TOKEN_SALT":"tobemodified","APP_KEYS":"toBeModified1,toBeModified2","DATABASE_CLIENT":"sqlite","HOST":"0.0.0.0","JWT_SECRET":"tobemodified","PORT":"1337","TRANSFER_TOKEN_SALT":"tobemodified"}},"app_name":{"value":"strapi"},"assign_public_ip":{"value":true},"aws_region":{"value":"us-east-1"},"container_image":{"value":"camillehe1992/strapi:latest"},"container_port":{"value":1337},"cpu":{"value":256},"desired_count":{"value":1},"environment":{"value":"dev"},"health_check_path":{"value":"/"},"memory":{"value":512}},"planned_values":{"outputs":{"alb_dns_name":{"sensitive":false},"ecs_cluster_name":{"sensitive":false,"type":"string","value":"strapi-dev"},"ecs_service_name":{"sensitive":false,"type":"string","value":"strapi-dev"},"log_group_name":{"sensitive":false,"type":"string","value":"/ecs/strapi-dev"}},"root_module":{"resources":[{"address":"aws_cloudwatch_log_group.app","mode":"managed","type":"aws_cloudwatch_log_group","name":"app","provider_name":"registry.terraform.io/hashicorp/aws","schema_version":0,"values":{"kms_key_id":null,"name":"/ecs/strapi-dev","retention_in_days":14,"skip_destroy":false,"tags":null,"tags_all":{"Environment":"dev","ManagedBy":"terraform","Project":"strapi"}},"sensitive_values":{"tags_all":{}}},{"address":"aws_ecs_cluster.this","mode":"managed","type":"aws_ecs_cluster","name":"this","provider_name":"registry.terraform.io/hashicorp/aws","schema_version":0,"values":{"configuration":[],"name":"strapi-dev","service_connect_defaults":[],"tags":null,"tags_all":{"Environment":"dev","ManagedBy":"terraform","Project":"strapi"}},"sensitive_values":{"configuration":[],"service_connect_defaults":[],"setting":[],"tags_all":{}}},{"address":"aws_ecs_service.this","mode":"managed","type":"aws_ecs_service","name":"this","provider_name":"registry.terraform.io/hashicorp/aws","schema_version":1,"values":{"alarms":[],"availability_zone_rebalancing":"DISABLED","capacity_provider_strategy":[],"deployment_circuit_breaker":[],"deployment_controller":[],"deployment_maximum_percent":200,"deployment_minimum_healthy_percent":100,"desired_count":1,"enable_ecs_managed_tags":false,"enable_execute_command":false,"force_delete":null,"force_new_deployment":null,"health_check_grace_period_seconds":null,"launch_type":"FARGATE","load_balancer":[{"container_name":"strapi","container_port":1337,"elb_name":""}],"name":"strapi-dev","network_configuration":[{"assign_public_ip":true,"subnets":["subnet-0d699fd43a65af641","subnet-1d40e16cb9635d37e","subnet-1e8f395f2bfaef805","subnet-396ee3d0af6f1a8c7","subnet-8a555230e1e71f6b6","subnet-96119e8a19ef94466"]}],"ordered_placement_strategy":[],"placement_constraints":[],"propagate_tags":null,"scheduling_strategy":"REPLICA","service_connect_configuration":[],"service_registries":[],"tags":null,"tags_all":{"Environment":"dev","ManagedBy":"terraform","Project":"strapi"},"timeouts":null,"volume_configuration":[],"vpc_lattice_configurations":[],"wait_for_steady_state":false},"sensitive_values":{"alarms":[],"capacity_provider_strategy":[],"deployment_circuit_breaker":[],"deployment_controller":[],"load_balancer":[{}],"network_configuration":[{"security_groups":[],"subnets":[false,false,false,false,false,false]}],"ordered_placement_strategy":[],"placement_constraints":[],"service_connect_configuration":[],"service_registries":[],"tags_all":{},"triggers":{},"volume_configuration":[],"vpc_lattice_configurations":[]}},{"address":"aws_ecs_task_definition.this","mode":"managed","type":"aws_ecs_task_definition","name":"this","provider_name":"registry.terraform.io/hashicorp/aws","schema_version":1,"values":{"container_definitions":"[{\"environment\":[{\"name\":\"ADMIN_JWT_SECRET\",\"value\":\"tobemodified\"},{\"name\":\"API_TOKEN_SALT\",\"value\":\"tobemodified\"},{\"name\":\"APP_KEYS\",\"value\":\"toBeModified1,toBeModified2\"},{\"name\":\"DATABASE_CLIENT\",\"value\":\"sqlite\"},{\"name\":\"HOST\",\"value\":\"0.0.0.0\"},{\"name\":\"JWT_SECRET\",\"value\":\"tobemodified\"},{\"name\":\"PORT\",\"value\":\"1337\"},{\"name\":\"TRANSFER_TOKEN_SALT\",\"value\":\"tobemodified\"}],\"essential\":true,\"image\":\"camillehe1992/strapi:latest\",\"logConfiguration\":{\"logDriver\":\"awslogs\",\"options\":{\"awslogs-group\":\"/ecs/strapi-dev\",\"awslogs-region\":\"us-east-1\",\"awslogs-stream-prefix\":\"ecs\"}},\"name\":\"strapi\",\"portMappings\":[{\"containerPort\":1337,\"hostPort\":1337,\"protocol\":\"tcp\"}]}]","cpu":"256","ephemeral_storage":[],"family":"strapi-dev","inference_accelerator":[],"ipc_mode":null,"memory":"512","network_mode":"awsvpc","pid_mode":null,"placement_constraints":[],"proxy_configuration":[],"requires_compatibilities":["FARGATE"],"runtime_platform":[],"skip_destroy":false,"tags":null,"tags_all":{"Environment":"dev","ManagedBy":"terraform","Project":"strapi"},"task_role_arn":null,"track_latest":false,"volume":[]},"sensitive_values":{"ephemeral_storage":[],"inference_accelerator":[],"placement_constraints":[],"proxy_configuration":[],"requires_compatibilities":[false],"runtime_platform":[],"tags_all":{},"volume":[]}},{"address":"aws_iam_role.ecs_task_execution","mode":"managed","type":"aws_iam_role","name":"ecs_task_execution","provider_name":"registry.terraform.io/hashicorp/aws","schema_version":0,"values":{"assume_role_policy":"{\"Statement\":[{\"Action\":\"sts:AssumeRole\",\"Effect\":\"Allow\",\"Principal\":{\"Service\":\"ecs-tasks.amazonaws.com\"}}],\"Version\":\"2012-10-17\"}","description":null,"force_detach_policies":false,"max_session_duration":3600,"name":"strapi-dev-ecs-task-exec","path":"/","permissions_boundary":null,"tags":null,"tags_all":{"Environment":"dev","ManagedBy":"terraform","Project":"strapi"}},"sensitive_values":{"inline_policy":[],"managed_policy_arns":[],"tags_all":{}}},{"address":"aws_iam_role_policy_attachment.ecs_task_execution","mode":"managed","type":"aws_iam_role_policy_attachment","name":"ecs_task_execution","provider_name":"registry.terraform.io/hashicorp/aws","schema_version":0,"values":{"policy_arn":"arn:aws:iam::aws:policy/service-role/AmazonECSTaskExecutionRolePolicy","role":"strapi-dev-ecs-task-exec"},"sensitive_values":{}},{"address":"aws_lb.this","mode":"managed","type":"aws_lb","name":"this","provider_name":"registry.terraform.io/hashicorp/aws","schema_version":0,"values":{"access_logs":[],"client_keep_alive":3600,"connection_logs":[],"customer_owned_ipv4_pool":null,"desync_mitigation_mode":"defensive","dns_record_client_routing_policy":null,"drop_invalid_header_fields":false,"enable_cross_zone_load_balancing":null,"enable_deletion_protection":false,"enable_http2":true,"enable_tls_version_and_cipher_suite_headers":false,"enable_waf_fail_open":false,"enable_xff_client_port":false,"enable_zonal_shift":false,"idle_timeout":60,"internal":false,"ipam_pools":[],"load_balancer_type":"application","minimum_load_balancer_capacity":[],"name":"strapi-dev","preserve_host_header":false,"subnets":["subnet-0d699fd43a65af641","subnet-1d40e16cb9635d37e","subnet-1e8f395f2bfaef805","subnet-396ee3d0af6f1a8c7","subnet-8a555230e1e71f6b6","subnet-96119e8a19ef94466"],"tags":null,"tags_all":{"Environment":"dev","ManagedBy":"terraform","Project":"strapi"},"timeouts":null,"xff_header_processing_mode":"append"},"sensitive_values":{"access_logs":[],"connection_logs":[],"ipam_pools":[],"minimum_load_balancer_capacity":[],"security_groups":[],"subnet_mapping":[],"subnets":[false,false,false,false,false,false],"tags_all":{}}},{"address":"aws_lb_listener.http","mode":"managed","type":"aws_lb_listener","name":"http","provider_name":"registry.terraform.io/hashicorp/aws","schema_version":0,"values":{"alpn_policy":null,"certificate_arn":null,"default_action":[{"authenticate_cognito":[],"authenticate_oidc":[],"fixed_response":[],"forward":[],"redirect":[],"type":"forward"}],"port":80,"protocol":"HTTP","tags":null,"tags_all":{"Environment":"dev","ManagedBy":"terraform","Project":"strapi"},"timeouts":null},"sensitive_values":{"default_action":[{"authenticate_cognito":[],"authenticate_oidc":[],"fixed_response":[],"forward":[],"redirect":[]}],"mutual_authentication":[],"tags_all":{}}},{"address":"aws_lb_target_group.this","mode":"managed","type":"aws_lb_target_group","name":"this","provider_name":"registry.terraform.io/hashicorp/aws","schema_version":0,"values":{"deregistration_delay":"300","health_check":[{"enabled":true,"healthy_threshold":2,"interval":30,"matcher":"200-399","path":"/","port":"traffic-port","protocol":"HTTP","timeout":5,"unhealthy_threshold":2}],"lambda_multi_value_headers_enabled":false,"name":"strapi-dev-tg","port":1337,"protocol":"HTTP","proxy_protocol_v2":false,"slow_start":0,"tags":null,"tags_all":{"Environment":"dev","ManagedBy":"terraform","Project":"strapi"},"target_type":"ip","vpc_id":"vpc-43138e4e75aec2ac0"},"sensitive_values":{"health_check":[{}],"load_balancer_arns":[],"stickiness":[],"tags_all":{},"target_failover":[],"target_group_health":[],"target_health_state":[]}},{"address":"aws_security_group.alb","mode":"managed","type":"aws_security_group","name":"alb","provider_name":"registry.terraform.io/hashicorp/aws","schema_version":1,"values":{"description":"ALB security group","egress":[{"cidr_blocks":["0.0.0.0/0"],"description":"","from_port":0,"ipv6_cidr_blocks":[],"prefix_list_ids":[],"protocol":"-1","security_groups":[],"self":false,"to_port":0}],"ingress":[{"cidr_blocks":["0.0.0.0/0"],"description":"HTTP","from_port":80,"ipv6_cidr_blocks":[],"prefix_list_ids":[],"protocol":"tcp","security_groups":[],"self":false,"to_port":80}],"name":"strapi-dev-alb","revoke_rules_on_delete":false,"tags":null,"tags_all":{"Environment":"dev","ManagedBy":"terraform","Project":"strapi"},"timeouts":null,"vpc_id":"vpc-43138e4e75aec2ac0"},"sensitive_values":{"egress":[{"cidr_blocks":[false],"ipv6_cidr_blocks":[],"prefix_list_ids":[],"security_groups":[]}],"ingress":[{"cidr_blocks":[false],"ipv6_cidr_blocks":[],"prefix_list_ids":[],"security_groups":[]}],"tags_all":{}}},{"address":"aws_security_group.service","mode":"managed","type":"aws_security_group","name":"service","provider_name":"registry.terraform.io/hashicorp/aws","schema_version":1,"values":{"description":"ECS service security group","egress":[{"cidr_blocks":["0.0.0.0/0"],"description":"","from_port":0,"ipv6_cidr_blocks":[],"prefix_list_ids":[],"protocol":"-1","security_groups":[],"self":false,"to_port":0}],"ingress":[{"cidr_blocks":[],"description":"From ALB","from_port":1337,"ipv6_cidr_blocks":[],"prefix_list_ids":[],"protocol":"tcp","self":false,"to_port":1337}],"name":"strapi-dev-svc","revoke_rules_on_delete":false,"tags":null,"tags_all":{"Environment":"dev","ManagedBy":"terraform","Project":"strapi"},"timeouts":null,"vpc_id":"vpc-43138e4e75aec2ac0"},"sensitive_values":{"egress":[{"cidr_blocks":[false],"ipv6_cidr_blocks":[],"prefix_list_ids":[],"security_groups":[]}],"ingress":[{"cidr_blocks":[],"ipv6_cidr_blocks":[],"prefix_list_ids":[],"security_groups":[]}],"tags_all":{}}}]}},"resource_changes":[{"address":"aws_cloudwatch_log_group.app","mode":"managed","type":"aws_cloudwatch_log_group","name":"app","provider_name":"registry.terraform.io/hashicorp/aws","change":{"actions":["create"],"before":null,"after":{"kms_key_id":null,"name":"/ecs/strapi-dev","retention_in_days":14,"skip_destroy":false,"tags":null,"tags_all":{"Environment":"dev","ManagedBy":"terraform","Project":"strapi"}},"after_unknown":{"arn":true,"id":true,"log_group_class":true,"name_prefix":true,"tags_all":{}},"before_sensitive":false,"after_sensitive":{"tags_all":{}}}},{"address":"aws_ecs_cluster.this","mode":"managed","type":"aws_ecs_cluster","name":"this","provider_name":"registry.terraform.io/hashicorp/aws","change":{"actions":["create"],"before":null,"after":{"configuration":[],"name":"strapi-dev","service_connect_defaults":[],"tags":null,"tags_all":{"Environment":"dev","ManagedBy":"terraform","Project":"strapi"}},"after_unknown":{"arn":true,"configuration":[],"id":true,"service_connect_defaults":[],"setting":true,"tags_all":{}},"before_sensitive":false,"after_sensitive":{"configuration":[],"service_connect_defaults":[],"setting":[],"tags_all":{}}}},{"address":"aws_ecs_service.this","mode":"managed","type":"aws_ecs_service","name":"this","provider_name":"registry.terraform.io/hashicorp/aws","change":{"actions":["create"],"before":null,"after":{"alarms":[],"availability_zone_rebalancing":"DISABLED","capacity_provider_strategy":[],"deployment_circuit_breaker":[],"deployment_controller":[],"deployment_maximum_percent":200,"deployment_minimum_healthy_percent":100,"desired_count":1,"enable_ecs_managed_tags":false,"enable_execute_command":false,"force_delete":null,"force_new_deployment":null,"health_check_grace_period_seconds":null,"launch_type":"FARGATE","load_balancer":[{"container_name":"strapi","container_port":1337,"elb_name":""}],"name":"strapi-dev","network_configuration":[{"assign_public_ip":true,"subnets":["subnet-0d699fd43a65af641","subnet-1d40e16cb9635d37e","subnet-1e8f395f2bfaef805","subnet-396ee3d0af6f1a8c7","subnet-8a555230e1e71f6b6","subnet-96119e8a19ef94466"]}],"ordered_placement_strategy":[],"placement_constraints":[],"propagate_tags":null,"scheduling_strategy":"REPLICA","service_connect_configuration":[],"service_registries":[],"tags":null,"tags_all":{"Environment":"dev","ManagedBy":"terraform","Project":"strapi"},"timeouts":null,"volume_configuration":[],"vpc_lattice_configurations":[],"wait_for_steady_state":false},"after_unknown":{"alarms":[],"capacity_provider_strategy":[],"cluster":true,"deployment_circuit_breaker":[],"deployment_controller":[],"iam_role":true,"id":true,"load_balancer":[{"target_group_arn":true}],"network_configuration":[{"security_groups":true,"subnets":[false,false,false,false,false,false]}],"ordered_placement_strategy":[],"placement_constraints":[],"platform_version":true,"service_connect_configuration":[],"service_registries":[],"tags_all":{},"task_definition":true,"triggers":true,"volume_configuration":[],"vpc_lattice_configurations":[]},"before_sensitive":false,"after_sensitive":{"alarms":[],"capacity_provider_strategy":[],"deployment_circuit_breaker":[],"deployment_controller":[],"load_balancer":[{}],"network_configuration":[{"security_groups":[],"subnets":[false,false,false,false,false,false]}],"ordered_placement_strategy":[],"placement_constraints":[],"service_connect_configuration":[],"service_registries":[],"tags_all":{},"triggers":{},"volume_configuration":[],"vpc_lattice_configurations":[]}}},{"address":"aws_ecs_task_definition.this","mode":"managed","type":"aws_ecs_task_definition","name":"this","provider_name":"registry.terraform.io/hashicorp/aws","change":{"actions":["create"],"before":null,"after":{"container_definitions":"[{\"environment\":[{\"name\":\"ADMIN_JWT_SECRET\",\"value\":\"tobemodified\"},{\"name\":\"API_TOKEN_SALT\",\"value\":\"tobemodified\"},{\"name\":\"APP_KEYS\",\"value\":\"toBeModified1,toBeModified2\"},{\"name\":\"DATABASE_CLIENT\",\"value\":\"sqlite\"},{\"name\":\"HOST\",\"value\":\"0.0.0.0\"},{\"name\":\"JWT_SECRET\",\"value\":\"tobemodified\"},{\"name\":\"PORT\",\"value\":\"1337\"},{\"name\":\"TRANSFER_TOKEN_SALT\",\"value\":\"tobemodified\"}],\"essential\":true,\"image\":\"camillehe1992/strapi:latest\",\"logConfiguration\":{\"logDriver\":\"awslogs\",\"options\":{\"awslogs-group\":\"/ecs/strapi-dev\",\"awslogs-region\":\"us-east-1\",\"awslogs-stream-prefix\":\"ecs\"}},\"name\":\"strapi\",\"portMappings\":[{\"containerPort\":1337,\"hostPort\":1337,\"protocol\":\"tcp\"}]}]","cpu":"256","ephemeral_storage":[],"family":"strapi-dev","inference_accelerator":[],"ipc_mode":null,"memory":"512","network_mode":"awsvpc","pid_mode":null,"placement_constraints":[],"proxy_configuration":[],"requires_compatibilities":["FARGATE"],"runtime_platform":[],"skip_destroy":false,"tags":null,"tags_all":{"Environment":"dev","ManagedBy":"terraform","Project":"strapi"},"task_role_arn":null,"track_latest":false,"volume":[]},"after_unknown":{"arn":true,"arn_without_revision":true,"enable_fault_injection":true,"ephemeral_storage":[],"execution_role_arn":true,"id":true,"inference_accelerator":[],"placement_constraints":[],"proxy_configuration":[],"requires_compatibilities":[false],"revision":true,"runtime_platform":[],"tags_all":{},"volume":[]},"before_sensitive":false,"after_sensitive":{"ephemeral_storage":[],"inference_accelerator":[],"placement_constraints":[],"proxy_configuration":[],"requires_compatibilities":[false],"runtime_platform":[],"tags_all":{},"volume":[]}}},{"address":"aws_iam_role.ecs_task_execution","mode":"managed","type":"aws_iam_role","name":"ecs_task_execution","provider_name":"registry.terraform.io/hashicorp/aws","change":{"actions":["create"],"before":null,"after":{"assume_role_policy":"{\"Statement\":[{\"Action\":\"sts:AssumeRole\",\"Effect\":\"Allow\",\"Principal\":{\"Service\":\"ecs-tasks.amazonaws.com\"}}],\"Version\":\"2012-10-17\"}","description":null,"force_detach_policies":false,"max_session_duration":3600,"name":"strapi-dev-ecs-task-exec","path":"/","permissions_boundary":null,"tags":null,"tags_all":{"Environment":"dev","ManagedBy":"terraform","Project":"strapi"}},"after_unknown":{"arn":true,"create_date":true,"id":true,"inline_policy":true,"managed_policy_arns":true,"name_prefix":true,"tags_all":{},"unique_id":true},"before_sensitive":false,"after_sensitive":{"inline_policy":[],"managed_policy_arns":[],"tags_all":{}}}},{"address":"aws_iam_role_policy_attachment.ecs_task_execution","mode":"managed","type":"aws_iam_role_policy_attachment","name":"ecs_task_execution","provider_name":"registry.terraform.io/hashicorp/aws","change":{"actions":["create"],"before":null,"after":{"policy_arn":"arn:aws:iam::aws:policy/service-role/AmazonECSTaskExecutionRolePolicy","role":"strapi-dev-ecs-task-exec"},"after_unknown":{"id":true},"before_sensitive":false,"after_sensitive":{}}},{"address":"aws_lb.this","mode":"managed","type":"aws_lb","name":"this","provider_name":"registry.terraform.io/hashicorp/aws","change":{"actions":["create"],"before":null,"after":{"access_logs":[],"client_keep_alive":3600,"connection_logs":[],"customer_owned_ipv4_pool":null,"desync_mitigation_mode":"defensive","dns_record_client_routing_policy":null,"drop_invalid_header_fields":false,"enable_cross_zone_load_balancing":null,"enable_deletion_protection":false,"enable_http2":true,"enable_tls_version_and_cipher_suite_headers":false,"enable_waf_fail_open":false,"enable_xff_client_port":false,"enable_zonal_shift":false,"idle_timeout":60,"internal":false,"ipam_pools":[],"load_balancer_type":"application","minimum_load_balancer_capacity":[],"name":"strapi-dev","preserve_host_header":false,"subnets":["subnet-0d699fd43a65af641","subnet-1d40e16cb9635d37e","subnet-1e8f395f2bfaef805","subnet-396ee3d0af6f1a8c7","subnet-8a555230e1e71f6b6","subnet-96119e8a19ef94466"],"tags":null,"tags_all":{"Environment":"dev","ManagedBy":"terraform","Project":"strapi"},"timeouts":null,"xff_header_processing_mode":"append"},"after_unknown":{"access_logs":[],"arn":true,"arn_suffix":true,"connection_logs":[],"dns_name":true,"enforce_security_group_inbound_rules_on_private_link_traffic":true,"id":true,"ip_address_type":true,"ipam_pools":[],"minimum_load_balancer_capacity":[],"name_prefix":true,"security_groups":true,"subnet_mapping":true,"subnets":[false,false,false,false,false,false],"tags_all":{},"vpc_id":true,"zone_id":true},"before_sensitive":false,"after_sensitive":{"access_logs":[],"connection_logs":[],"ipam_pools":[],"minimum_load_balancer_capacity":[],"security_groups":[],"subnet_mapping":[],"subnets":[false,false,false,false,false,false],"tags_all":{}}}},{"address":"aws_lb_listener.http","mode":"managed","type":"aws_lb_listener","name":"http","provider_name":"registry.terraform.io/hashicorp/aws","change":{"actions":["create"],"before":null,"after":{"alpn_policy":null,"certificate_arn":null,"default_action":[{"authenticate_cognito":[],"authenticate_oidc":[],"fixed_response":[],"forward":[],"redirect":[],"type":"forward"}],"port":80,"protocol":"HTTP","tags":null,"tags_all":{"Environment":"dev","ManagedBy":"terraform","Project":"strapi"},"timeouts":null},"after_unknown":{"arn":true,"default_action":[{"authenticate_cognito":[],"authenticate_oidc":[],"fixed_response":[],"forward":[],"order":true,"redirect":[],"target_group_arn":true}],"id":true,"load_balancer_arn":true,"mutual_authentication":true,"routing_http_request_x_amzn_mtls_clientcert_header_name":true,"routing_http_request_x_amzn_mtls_clientcert_issuer_header_name":true,"routing_http_request_x_amzn_mtls_clientcert_leaf_header_name":true,"routing_http_request_x_amzn_mtls_clientcert_serial_number_header_name":true,"routing_http_request_x_amzn_mtls_clientcert_subject_header_name":true,"routing_http_request_x_amzn_mtls_clientcert_validity_header_name":true,"routing_http_request_x_amzn_tls_cipher_suite_header_name":true,"routing_http_request_x_amzn_tls_version_header_name":true,"routing_http_response_access_control_allow_credentials_header_value":true,"routing_http_response_access_control_allow_headers_header_value":true,"routing_http_response_access_control_allow_methods_header_value":true,"routing_http_response_access_control_allow_origin_header_value":true,"routing_http_response_access_control_expose_headers_header_value":true,"routing_http_response_access_control_max_age_header_value":true,"routing_http_response_content_security_policy_header_value":true,"routing_http_response_server_enabled":true,"routing_http_response_strict_transport_security_header_value":true,"routing_http_response_x_content_type_options_header_value":true,"routing_http_response_x_frame_options_header_value":true,"ssl_policy":true,"tags_all":{},"tcp_idle_timeout_seconds":true},"before_sensitive":false,"after_sensitive":{"default_action":[{"authenticate_cognito":[],"authenticate_oidc":[],"fixed_response":[],"forward":[],"redirect":[]}],"mutual_authentication":[],"tags_all":{}}}},{"address":"aws_lb_target_group.this","mode":"managed","type":"aws_lb_target_group","name":"this","provider_name":"registry.terraform.io/hashicorp/aws","change":{"actions":["create"],"before":null,"after":{"deregistration_delay":"300","health_check":[{"enabled":true,"healthy_threshold":2,"interval":30,"matcher":"200-399","path":"/","port":"traffic-port","protocol":"HTTP","timeout":5,"unhealthy_threshold":2}],"lambda_multi_value_headers_enabled":false,"name":"strapi-dev-tg","port":1337,"protocol":"HTTP","proxy_protocol_v2":false,"slow_start":0,"tags":null,"tags_all":{"Environment":"dev","ManagedBy":"terraform","Project":"strapi"},"target_type":"ip","vpc_id":"vpc-43138e4e75aec2ac0"},"after_unknown":{"arn":true,"arn_suffix":true,"connection_termination":true,"health_check":[{}],"id":true,"ip_address_type":true,"load_balancer_arns":true,"load_balancing_algorithm_type":true,"load_balancing_anomaly_mitigation":true,"load_balancing_cross_zone_enabled":true,"name_prefix":true,"preserve_client_ip":true,"protocol_version":true,"stickiness":true,"tags_all":{},"target_failover":true,"target_group_health":true,"target_health_state":true},"before_sensitive":false,"after_sensitive":{"health_check":[{}],"load_balancer_arns":[],"stickiness":[],"tags_all":{},"target_failover":[],"target_group_health":[],"target_health_state":[]}}},{"address":"aws_security_group.alb","mode":"managed","type":"aws_security_group","name":"alb","provider_name":"registry.terraform.io/hashicorp/aws","change":{"actions":["create"],"before":null,"after":{"description":"ALB security group","egress":[{"cidr_blocks":["0.0.0.0/0"],"description":"","from_port":0,"ipv6_cidr_blocks":[],"prefix_list_ids":[],"protocol":"-1","security_groups":[],"self":false,"to_port":0}],"ingress":[{"cidr_blocks":["0.0.0.0/0"],"description":"HTTP","from_port":80,"ipv6_cidr_blocks":[],"prefix_list_ids":[],"protocol":"tcp","security_groups":[],"self":false,"to_port":80}],"name":"strapi-dev-alb","revoke_rules_on_delete":false,"tags":null,"tags_all":{"Environment":"dev","ManagedBy":"terraform","Project":"strapi"},"timeouts":null,"vpc_id":"vpc-43138e4e75aec2ac0"},"after_unknown":{"arn":true,"egress":[{"cidr_blocks":[false],"ipv6_cidr_blocks":[],"prefix_list_ids":[],"security_groups":[]}],"id":true,"ingress":[{"cidr_blocks":[false],"ipv6_cidr_blocks":[],"prefix_list_ids":[],"security_groups":[]}],"name_prefix":true,"owner_id":true,"tags_all":{}},"before_sensitive":false,"after_sensitive":{"egress":[{"cidr_blocks":[false],"ipv6_cidr_blocks":[],"prefix_list_ids":[],"security_groups":[]}],"ingress":[{"cidr_blocks":[false],"ipv6_cidr_blocks":[],"prefix_list_ids":[],"security_groups":[]}],"tags_all":{}}}},{"address":"aws_security_group.service","mode":"managed","type":"aws_security_group","name":"service","provider_name":"registry.terraform.io/hashicorp/aws","change":{"actions":["create"],"before":null,"after":{"description":"ECS service security group","egress":[{"cidr_blocks":["0.0.0.0/0"],"description":"","from_port":0,"ipv6_cidr_blocks":[],"prefix_list_ids":[],"protocol":"-1","security_groups":[],"self":false,"to_port":0}],"ingress":[{"cidr_blocks":[],"description":"From ALB","from_port":1337,"ipv6_cidr_blocks":[],"prefix_list_ids":[],"protocol":"tcp","self":false,"to_port":1337}],"name":"strapi-dev-svc","revoke_rules_on_delete":false,"tags":null,"tags_all":{"Environment":"dev","ManagedBy":"terraform","Project":"strapi"},"timeouts":null,"vpc_id":"vpc-43138e4e75aec2ac0"},"after_unknown":{"arn":true,"egress":[{"cidr_blocks":[false],"ipv6_cidr_blocks":[],"prefix_list_ids":[],"security_groups":[]}],"id":true,"ingress":[{"cidr_blocks":[],"ipv6_cidr_blocks":[],"prefix_list_ids":[],"security_groups":true}],"name_prefix":true,"owner_id":true,"tags_all":{}},"before_sensitive":false,"after_sensitive":{"egress":[{"cidr_blocks":[false],"ipv6_cidr_blocks":[],"prefix_list_ids":[],"security_groups":[]}],"ingress":[{"cidr_blocks":[],"ipv6_cidr_blocks":[],"prefix_list_ids":[],"security_groups":[]}],"tags_all":{}}}}],"output_changes":{"alb_dns_name":{"actions":["create"],"before":null,"after_unknown":true,"before_sensitive":false,"after_sensitive":false},"ecs_cluster_name":{"actions":["create"],"before":null,"after":"strapi-dev","after_unknown":false,"before_sensitive":false,"after_sensitive":false},"ecs_service_name":{"actions":["create"],"before":null,"after":"strapi-dev","after_unknown":false,"before_sensitive":false,"after_sensitive":false},"log_group_name":{"actions":["create"],"before":null,"after":"/ecs/strapi-dev","after_unknown":false,"before_sensitive":false,"after_sensitive":false}},"prior_state":{"format_version":"1.0","terraform_version":"1.13.5","values":{"outputs":{"ecs_cluster_name":{"sensitive":false,"value":"strapi-dev","type":"string"},"ecs_service_name":{"sensitive":false,"value":"strapi-dev","type":"string"},"log_group_name":{"sensitive":false,"value":"/ecs/strapi-dev","type":"string"}},"root_module":{"resources":[{"address":"data.aws_region.current","mode":"data","type":"aws_region","name":"current","provider_name":"registry.terraform.io/hashicorp/aws","schema_version":0,"values":{"description":"US East (N. Virginia)","endpoint":"ec2.us-east-1.amazonaws.com","id":"us-east-1","name":"us-east-1"},"sensitive_values":{}},{"address":"data.aws_subnets.default","mode":"data","type":"aws_subnets","name":"default","provider_name":"registry.terraform.io/hashicorp/aws","schema_version":0,"values":{"filter":[{"name":"vpc-id","values":["vpc-43138e4e75aec2ac0"]}],"id":"us-east-1","ids":["subnet-1e8f395f2bfaef805","subnet-1d40e16cb9635d37e","subnet-8a555230e1e71f6b6","subnet-396ee3d0af6f1a8c7","subnet-0d699fd43a65af641","subnet-96119e8a19ef94466"],"tags":null,"timeouts":null},"sensitive_values":{"filter":[{"values":[false]}],"ids":[false,false,false,false,false,false]}},{"address":"data.aws_vpc.default","mode":"data","type":"aws_vpc","name":"default","provider_name":"registry.terraform.io/hashicorp/aws","schema_version":0,"values":{"arn":"arn:aws:ec2:us-east-1:000000000000:vpc/vpc-43138e4e75aec2ac0","cidr_block":"172.31.0.0/16","cidr_block_associations":[{"association_id":"vpc-cidr-assoc-f32210d2eb66a5363","cidr_block":"172.31.0.0/16","state":"associated"}],"default":true,"dhcp_options_id":"default","enable_dns_hostnames":true,"enable_dns_support":true,"enable_network_address_usage_metrics":false,"filter":null,"id":"vpc-43138e4e75aec2ac0","instance_tenancy":"default","ipv6_association_id":"","ipv6_cidr_block":"","main_route_table_id":"rtb-7aa52e0ea0f3ae9a9","owner_id":"000000000000","state":null,"tags":{},"timeouts":null},"sensitive_values":{"cidr_block_associations":[{}],"tags":{}}}]}}},"configuration":{"provider_config":{"aws":{"name":"aws","full_name":"registry.terraform.io/hashicorp/aws","version_constraint":"~\u003e 5.0","expressions":{"default_tags":[{"tags":{"references":["var.app_name","var.environment"]}}],"region":{"references":["var.aws_region"]}}}},"root_module":{"outputs":{"alb_dns_name":{"expression":{"references":["aws_lb.this.dns_name","aws_lb.this"]},"description":"Public DNS name of the Application Load Balancer"},"ecs_cluster_name":{"expression":{"references":["aws_ecs_cluster.this.name","aws_ecs_cluster.this"]},"description":"ECS cluster name"},"ecs_service_name":{"expression":{"references":["aws_ecs_service.this.name","aws_ecs_service.this"]},"description":"ECS service name"},"log_group_name":{"expression":{"references":["aws_cloudwatch_log_group.app.name","aws_cloudwatch_log_group.app"]},"description":"CloudWatch log group for the ECS task"}},"resources":[{"address":"aws_cloudwatch_log_group.app","mode":"managed","type":"aws_cloudwatch_log_group","name":"app","provider_config_key":"aws","expressions":{"name":{"references":["local.name_prefix"]},"retention_in_days":{"constant_value":14}},"schema_version":0},{"address":"aws_ecs_cluster.this","mode":"managed","type":"aws_ecs_cluster","name":"this","provider_config_key":"aws","expressions":{"name":{"references":["local.name_prefix"]}},"schema_version":0},{"address":"aws_ecs_service.this","mode":"managed","type":"aws_ecs_service","name":"this","provider_config_key":"aws","expressions":{"cluster":{"references":["aws_ecs_cluster.this.id","aws_ecs_cluster.this"]},"desired_count":{"references":["var.desired_count"]},"launch_type":{"constant_value":"FARGATE"},"load_balancer":[{"container_name":{"references":["var.app_name"]},"container_port":{"references":["var.container_port"]},"target_group_arn":{"references":["aws_lb_target_group.this.arn","aws_lb_target_group.this"]}}],"name":{"references":["local.name_prefix"]},"network_configuration":[{"assign_public_ip":{"references":["var.assign_public_ip"]},"security_groups":{"references":["aws_security_group.service.id","aws_security_group.service"]},"subnets":{"references":["data.aws_subnets.default.ids","data.aws_subnets.default"]}}],"task_definition":{"references":["aws_ecs_task_definition.this.arn","aws_ecs_task_definition.this"]}},"schema_version":1,"depends_on":["aws_lb_listener.http"]},{"address":"aws_ecs_task_definition.this","mode":"managed","type":"aws_ecs_task_definition","name":"this","provider_config_key":"aws","expressions":{"container_definitions":{"references":["var.app_name","var.container_image","var.container_port","var.container_port","var.app_env","aws_cloudwatch_log_group.app.name","aws_cloudwatch_log_group.app","data.aws_region.current.name","data.aws_region.current"]},"cpu":{"references":["var.cpu"]},"execution_role_arn":{"references":["aws_iam_role.ecs_task_execution.arn","aws_iam_role.ecs_task_execution"]},"family":{"references":["local.name_prefix"]},"memory":{"references":["var.memory"]},"network_mode":{"constant_value":"awsvpc"},"requires_compatibilities":{"constant_value":["FARGATE"]}},"schema_version":1},{"address":"aws_iam_role.ecs_task_execution","mode":"managed","type":"aws_iam_role","name":"ecs_task_execution","provider_config_key":"aws","expressions":{"assume_role_policy":{},"name":{"references":["local.name_prefix"]}},"schema_version":0},{"address":"aws_iam_role_policy_attachment.ecs_task_execution","mode":"managed","type":"aws_iam_role_policy_attachment","name":"ecs_task_execution","provider_config_key":"aws","expressions":{"policy_arn":{"constant_value":"arn:aws:iam::aws:policy/service-role/AmazonECSTaskExecutionRolePolicy"},"role":{"references":["aws_iam_role.ecs_task_execution.name","aws_iam_role.ecs_task_execution"]}},"schema_version":0},{"address":"aws_lb.this","mode":"managed","type":"aws_lb","name":"this","provider_config_key":"aws","expressions":{"internal":{"constant_value":false},"load_balancer_type":{"constant_value":"application"},"name":{"references":["local.name_prefix"]},"security_groups":{"references":["aws_security_group.alb.id","aws_security_group.alb"]},"subnets":{"references":["data.aws_subnets.default.ids","data.aws_subnets.default"]}},"schema_version":0},{"address":"aws_lb_listener.http","mode":"managed","type":"aws_lb_listener","name":"http","provider_config_key":"aws","expressions":{"default_action":[{"target_group_arn":{"references":["aws_lb_target_group.this.arn","aws_lb_target_group.this"]},"type":{"constant_value":"forward"}}],"load_balancer_arn":{"references":["aws_lb.this.arn","aws_lb.this"]},"port":{"constant_value":80},"protocol":{"constant_value":"HTTP"}},"schema_version":0},{"address":"aws_lb_target_group.this","mode":"managed","type":"aws_lb_target_group","name":"this","provider_config_key":"aws","expressions":{"health_check":[{"enabled":{"constant_value":true},"healthy_threshold":{"constant_value":2},"interval":{"constant_value":30},"matcher":{"constant_value":"200-399"},"path":{"references":["var.health_check_path"]},"timeout":{"constant_value":5},"unhealthy_threshold":{"constant_value":2}}],"name":{"references":["local.name_prefix"]},"port":{"references":["var.container_port"]},"protocol":{"constant_value":"HTTP"},"target_type":{"constant_value":"ip"},"vpc_id":{"references":["data.aws_vpc.default.id","data.aws_vpc.default"]}},"schema_version":0},{"address":"aws_security_group.alb","mode":"managed","type":"aws_security_group","name":"alb","provider_config_key":"aws","expressions":{"description":{"constant_value":"ALB security group"},"egress":{"constant_value":[{"cidr_blocks":["0.0.0.0/0"],"description":null,"from_port":0,"ipv6_cidr_blocks":null,"prefix_list_ids":null,"protocol":"-1","security_groups":null,"self":null,"to_port":0}]},"ingress":{"constant_value":[{"cidr_blocks":["0.0.0.0/0"],"description":"HTTP","from_port":80,"ipv6_cidr_blocks":null,"prefix_list_ids":null,"protocol":"tcp","security_groups":null,"self":null,"to_port":80}]},"name":{"references":["local.name_prefix"]},"vpc_id":{"references":["data.aws_vpc.default.id","data.aws_vpc.default"]}},"schema_version":1},{"address":"aws_security_group.service","mode":"managed","type":"aws_security_group","name":"service","provider_config_key":"aws","expressions":{"description":{"constant_value":"ECS service security group"},"egress":{"constant_value":[{"cidr_blocks":["0.0.0.0/0"],"description":null,"from_port":0,"ipv6_cidr_blocks":null,"prefix_list_ids":null,"protocol":"-1","security_groups":null,"self":null,"to_port":0}]},"ingress":{"references":["var.container_port","aws_security_group.alb.id","aws_security_group.alb","var.container_port"]},"name":{"references":["local.name_prefix"]},"vpc_id":{"references":["data.aws_vpc.default.id","data.aws_vpc.default"]}},"schema_version":1},{"address":"data.aws_region.current","mode":"data","type":"aws_region","name":"current","provider_config_key":"aws","schema_version":0},{"address":"data.aws_subnets.default","mode":"data","type":"aws_subnets","name":"default","provider_config_key":"aws","expressions":{"filter":[{"name":{"constant_value":"vpc-id"},"values":{"references":["data.aws_vpc.default.id","data.aws_vpc.default"]}}]},"schema_version":0},{"address":"data.aws_vpc.default","mode":"data","type":"aws_vpc","name":"default","provider_config_key":"aws","expressions":{"default":{"constant_value":true}},"schema_version":0}],"variables":{"app_env":{"default":{"ADMIN_JWT_SECRET":"tobemodified","API_TOKEN_SALT":"tobemodified","APP_KEYS":"toBeModified1,toBeModified2","DATABASE_CLIENT":"sqlite","HOST":"0.0.0.0","JWT_SECRET":"tobemodified","PORT":"1337","TRANSFER_TOKEN_SALT":"tobemodified"},"description":"Environment variables passed to the container"},"app_name":{"default":"strapi","description":"Application name used for naming/tagging"},"assign_public_ip":{"default":true,"description":"Assign a public IP to the Fargate task ENI"},"aws_region":{"default":"us-east-1","description":"AWS region"},"container_image":{"default":"camillehe1992/strapi:latest","description":"Container image URI (e.g., ECR image or Docker Hub image)"},"container_port":{"default":1337,"description":"Container port exposed by the app"},"cpu":{"default":256,"description":"Fargate task CPU units"},"desired_count":{"default":1,"description":"Desired number of ECS tasks"},"environment":{"default":"dev","description":"Environment name (e.g., dev, prod)"},"health_check_path":{"default":"/","description":"ALB target group health check path"},"memory":{"default":512,"description":"Fargate task memory (MiB)"}}}},"relevant_attributes":[{"resource":"aws_iam_role.ecs_task_execution","attribute":["name"]},{"resource":"aws_ecs_task_definition.this","attribute":["arn"]},{"resource":"aws_lb.this","attribute":["arn"]},{"resource":"data.aws_region.current","attribute":["name"]},{"resource":"aws_cloudwatch_log_group.app","attribute":["name"]},{"resource":"aws_security_group.service","attribute":["id"]},{"resource":"data.aws_vpc.default","attribute":["id"]},{"resource":"aws_iam_role.ecs_task_execution","attribute":["arn"]},{"resource":"data.aws_subnets.default","attribute":["ids"]},{"resource":"aws_ecs_service.this","attribute":["name"]},{"resource":"aws_lb.this","attribute":["dns_name"]},{"resource":"aws_ecs_cluster.this","attribute":["id"]},{"resource":"aws_ecs_cluster.this","attribute":["name"]},{"resource":"aws_lb_target_group.this","attribute":["arn"]},{"resource":"aws_security_group.alb","attribute":["id"]}],"timestamp":"2026-01-25T17:05:34Z","applyable":true,"complete":true,"errored":false}
