data.aws_availability_zones.available: Reading...
data.aws_availability_zones.available: Read complete after 0s [id=eu-central-1]

Terraform used the selected providers to generate the following execution
plan. Resource actions are indicated with the following symbols:
  + create

Terraform will perform the following actions:

  # aws_cloudwatch_log_group.admin will be created
  + resource "aws_cloudwatch_log_group" "admin" {
      + arn               = (known after apply)
      + id                = (known after apply)
      + log_group_class   = (known after apply)
      + name              = "/ecs/dynamodb-admin"
      + name_prefix       = (known after apply)
      + retention_in_days = 14
      + skip_destroy      = false
      + tags_all          = {
          + "Managed" = "terraform"
          + "Project" = "localstack-replacement"
        }
    }

  # aws_dynamodb_table.this will be created
  + resource "aws_dynamodb_table" "this" {
      + arn              = (known after apply)
      + billing_mode     = "PAY_PER_REQUEST"
      + hash_key         = "pk"
      + id               = (known after apply)
      + name             = "example-table"
      + read_capacity    = (known after apply)
      + stream_arn       = (known after apply)
      + stream_label     = (known after apply)
      + stream_view_type = (known after apply)
      + tags             = {
          + "Name" = "dynamodb-admin-table"
        }
      + tags_all         = {
          + "Managed" = "terraform"
          + "Name"    = "dynamodb-admin-table"
          + "Project" = "localstack-replacement"
        }
      + write_capacity   = (known after apply)

      + attribute {
          + name = "pk"
          + type = "S"
        }

      + point_in_time_recovery {
          + enabled                 = true
          + recovery_period_in_days = (known after apply)
        }

      + server_side_encryption (known after apply)

      + ttl (known after apply)
    }

  # aws_ecs_cluster.this will be created
  + resource "aws_ecs_cluster" "this" {
      + arn      = (known after apply)
      + id       = (known after apply)
      + name     = "dynamodb-admin-cluster"
      + tags_all = {
          + "Managed" = "terraform"
          + "Project" = "localstack-replacement"
        }

      + setting (known after apply)
    }

  # aws_ecs_service.admin will be created
  + resource "aws_ecs_service" "admin" {
      + availability_zone_rebalancing      = "DISABLED"
      + cluster                            = (known after apply)
      + deployment_maximum_percent         = 200
      + deployment_minimum_healthy_percent = 100
      + desired_count                      = 1
      + enable_ecs_managed_tags            = false
      + enable_execute_command             = false
      + iam_role                           = (known after apply)
      + id                                 = (known after apply)
      + launch_type                        = "FARGATE"
      + name                               = "dynamodb-admin-svc"
      + platform_version                   = (known after apply)
      + scheduling_strategy                = "REPLICA"
      + tags_all                           = {
          + "Managed" = "terraform"
          + "Project" = "localstack-replacement"
        }
      + task_definition                    = (known after apply)
      + triggers                           = (known after apply)
      + wait_for_steady_state              = false

      + load_balancer {
          + container_name   = "dynamodb-admin"
          + container_port   = 8001
          + target_group_arn = (known after apply)
            # (1 unchanged attribute hidden)
        }

      + network_configuration {
          + assign_public_ip = false
          + security_groups  = (known after apply)
          + subnets          = (known after apply)
        }
    }

  # aws_ecs_task_definition.admin will be created
  + resource "aws_ecs_task_definition" "admin" {
      + arn                      = (known after apply)
      + arn_without_revision     = (known after apply)
      + container_definitions    = jsonencode(
            [
              + {
                  + environment      = [
                      + {
                          + name  = "AWS_REGION"
                          + value = "eu-central-1"
                        },
                    ]
                  + essential        = true
                  + image            = "aaronshaf/dynamodb-admin:latest"
                  + logConfiguration = {
                      + logDriver = "awslogs"
                      + options   = {
                          + awslogs-group         = "/ecs/dynamodb-admin"
                          + awslogs-region        = "eu-central-1"
                          + awslogs-stream-prefix = "ecs"
                        }
                    }
                  + name             = "dynamodb-admin"
                  + portMappings     = [
                      + {
                          + containerPort = 8001
                          + protocol      = "tcp"
                        },
                    ]
                },
            ]
        )
      + cpu                      = "256"
      + enable_fault_injection   = (known after apply)
      + execution_role_arn       = (known after apply)
      + family                   = "dynamodb-admin"
      + id                       = (known after apply)
      + memory                   = "512"
      + network_mode             = "awsvpc"
      + requires_compatibilities = [
          + "FARGATE",
        ]
      + revision                 = (known after apply)
      + skip_destroy             = false
      + tags_all                 = {
          + "Managed" = "terraform"
          + "Project" = "localstack-replacement"
        }
      + task_role_arn            = (known after apply)
      + track_latest             = false
    }

  # aws_eip.nat will be created
  + resource "aws_eip" "nat" {
      + allocation_id        = (known after apply)
      + arn                  = (known after apply)
      + association_id       = (known after apply)
      + carrier_ip           = (known after apply)
      + customer_owned_ip    = (known after apply)
      + domain               = "vpc"
      + id                   = (known after apply)
      + instance             = (known after apply)
      + ipam_pool_id         = (known after apply)
      + network_border_group = (known after apply)
      + network_interface    = (known after apply)
      + private_dns          = (known after apply)
      + private_ip           = (known after apply)
      + ptr_record           = (known after apply)
      + public_dns           = (known after apply)
      + public_ip            = (known after apply)
      + public_ipv4_pool     = (known after apply)
      + tags                 = {
          + "Name" = "dynamodb-admin-nat-eip"
        }
      + tags_all             = {
          + "Managed" = "terraform"
          + "Name"    = "dynamodb-admin-nat-eip"
          + "Project" = "localstack-replacement"
        }
      + vpc                  = (known after apply)
    }

  # aws_iam_role.task will be created
  + resource "aws_iam_role" "task" {
      + arn                   = (known after apply)
      + assume_role_policy    = jsonencode(
            {
              + Statement = [
                  + {
                      + Action    = "sts:AssumeRole"
                      + Effect    = "Allow"
                      + Principal = {
                          + Service = "ecs-tasks.amazonaws.com"
                        }
                    },
                ]
              + Version   = "2012-10-17"
            }
        )
      + create_date           = (known after apply)
      + force_detach_policies = false
      + id                    = (known after apply)
      + managed_policy_arns   = (known after apply)
      + max_session_duration  = 3600
      + name                  = "dynamodb-admin-task"
      + name_prefix           = (known after apply)
      + path                  = "/"
      + tags_all              = {
          + "Managed" = "terraform"
          + "Project" = "localstack-replacement"
        }
      + unique_id             = (known after apply)

      + inline_policy (known after apply)
    }

  # aws_iam_role.task_execution will be created
  + resource "aws_iam_role" "task_execution" {
      + arn                   = (known after apply)
      + assume_role_policy    = jsonencode(
            {
              + Statement = [
                  + {
                      + Action    = "sts:AssumeRole"
                      + Effect    = "Allow"
                      + Principal = {
                          + Service = "ecs-tasks.amazonaws.com"
                        }
                    },
                ]
              + Version   = "2012-10-17"
            }
        )
      + create_date           = (known after apply)
      + force_detach_policies = false
      + id                    = (known after apply)
      + managed_policy_arns   = (known after apply)
      + max_session_duration  = 3600
      + name                  = "dynamodb-admin-task-exec"
      + name_prefix           = (known after apply)
      + path                  = "/"
      + tags_all              = {
          + "Managed" = "terraform"
          + "Project" = "localstack-replacement"
        }
      + unique_id             = (known after apply)

      + inline_policy (known after apply)
    }

  # aws_iam_role_policy.task_dynamodb will be created
  + resource "aws_iam_role_policy" "task_dynamodb" {
      + id          = (known after apply)
      + name        = "dynamodb-admin-task-dynamodb"
      + name_prefix = (known after apply)
      + policy      = (known after apply)
      + role        = (known after apply)
    }

  # aws_iam_role_policy_attachment.task_execution will be created
  + resource "aws_iam_role_policy_attachment" "task_execution" {
      + id         = (known after apply)
      + policy_arn = "arn:aws:iam::aws:policy/service-role/AmazonECSTaskExecutionRolePolicy"
      + role       = "dynamodb-admin-task-exec"
    }

  # aws_internet_gateway.this will be created
  + resource "aws_internet_gateway" "this" {
      + arn      = (known after apply)
      + id       = (known after apply)
      + owner_id = (known after apply)
      + tags     = {
          + "Name" = "dynamodb-admin-igw"
        }
      + tags_all = {
          + "Managed" = "terraform"
          + "Name"    = "dynamodb-admin-igw"
          + "Project" = "localstack-replacement"
        }
      + vpc_id   = (known after apply)
    }

  # aws_lb.this will be created
  + resource "aws_lb" "this" {
      + arn                                                          = (known after apply)
      + arn_suffix                                                   = (known after apply)
      + client_keep_alive                                            = 3600
      + desync_mitigation_mode                                       = "defensive"
      + dns_name                                                     = (known after apply)
      + drop_invalid_header_fields                                   = false
      + enable_deletion_protection                                   = false
      + enable_http2                                                 = true
      + enable_tls_version_and_cipher_suite_headers                  = false
      + enable_waf_fail_open                                         = false
      + enable_xff_client_port                                       = false
      + enable_zonal_shift                                           = false
      + enforce_security_group_inbound_rules_on_private_link_traffic = (known after apply)
      + id                                                           = (known after apply)
      + idle_timeout                                                 = 60
      + internal                                                     = false
      + ip_address_type                                              = (known after apply)
      + load_balancer_type                                           = "application"
      + name                                                         = "dynamodb-admin-alb"
      + name_prefix                                                  = (known after apply)
      + preserve_host_header                                         = false
      + security_groups                                              = (known after apply)
      + subnets                                                      = (known after apply)
      + tags                                                         = {
          + "Name" = "dynamodb-admin-alb"
        }
      + tags_all                                                     = {
          + "Managed" = "terraform"
          + "Name"    = "dynamodb-admin-alb"
          + "Project" = "localstack-replacement"
        }
      + vpc_id                                                       = (known after apply)
      + xff_header_processing_mode                                   = "append"
      + zone_id                                                      = (known after apply)

      + subnet_mapping (known after apply)
    }

  # aws_lb_listener.http will be created
  + resource "aws_lb_listener" "http" {
      + arn                                                                   = (known after apply)
      + id                                                                    = (known after apply)
      + load_balancer_arn                                                     = (known after apply)
      + port                                                                  = 80
      + protocol                                                              = "HTTP"
      + routing_http_request_x_amzn_mtls_clientcert_header_name               = (known after apply)
      + routing_http_request_x_amzn_mtls_clientcert_issuer_header_name        = (known after apply)
      + routing_http_request_x_amzn_mtls_clientcert_leaf_header_name          = (known after apply)
      + routing_http_request_x_amzn_mtls_clientcert_serial_number_header_name = (known after apply)
      + routing_http_request_x_amzn_mtls_clientcert_subject_header_name       = (known after apply)
      + routing_http_request_x_amzn_mtls_clientcert_validity_header_name      = (known after apply)
      + routing_http_request_x_amzn_tls_cipher_suite_header_name              = (known after apply)
      + routing_http_request_x_amzn_tls_version_header_name                   = (known after apply)
      + routing_http_response_access_control_allow_credentials_header_value   = (known after apply)
      + routing_http_response_access_control_allow_headers_header_value       = (known after apply)
      + routing_http_response_access_control_allow_methods_header_value       = (known after apply)
      + routing_http_response_access_control_allow_origin_header_value        = (known after apply)
      + routing_http_response_access_control_expose_headers_header_value      = (known after apply)
      + routing_http_response_access_control_max_age_header_value             = (known after apply)
      + routing_http_response_content_security_policy_header_value            = (known after apply)
      + routing_http_response_server_enabled                                  = (known after apply)
      + routing_http_response_strict_transport_security_header_value          = (known after apply)
      + routing_http_response_x_content_type_options_header_value             = (known after apply)
      + routing_http_response_x_frame_options_header_value                    = (known after apply)
      + ssl_policy                                                            = (known after apply)
      + tags_all                                                              = {
          + "Managed" = "terraform"
          + "Project" = "localstack-replacement"
        }
      + tcp_idle_timeout_seconds                                              = (known after apply)

      + default_action {
          + order            = (known after apply)
          + target_group_arn = (known after apply)
          + type             = "forward"
        }

      + mutual_authentication (known after apply)
    }

  # aws_lb_target_group.admin will be created
  + resource "aws_lb_target_group" "admin" {
      + arn                                = (known after apply)
      + arn_suffix                         = (known after apply)
      + connection_termination             = (known after apply)
      + deregistration_delay               = "300"
      + id                                 = (known after apply)
      + ip_address_type                    = (known after apply)
      + lambda_multi_value_headers_enabled = false
      + load_balancer_arns                 = (known after apply)
      + load_balancing_algorithm_type      = (known after apply)
      + load_balancing_anomaly_mitigation  = (known after apply)
      + load_balancing_cross_zone_enabled  = (known after apply)
      + name                               = "dynamodb-admin-tg"
      + name_prefix                        = (known after apply)
      + port                               = 8001
      + preserve_client_ip                 = (known after apply)
      + protocol                           = "HTTP"
      + protocol_version                   = (known after apply)
      + proxy_protocol_v2                  = false
      + slow_start                         = 0
      + tags_all                           = {
          + "Managed" = "terraform"
          + "Project" = "localstack-replacement"
        }
      + target_type                        = "ip"
      + vpc_id                             = (known after apply)

      + health_check {
          + enabled             = true
          + healthy_threshold   = 2
          + interval            = 30
          + matcher             = "200-399"
          + path                = "/"
          + port                = "traffic-port"
          + protocol            = "HTTP"
          + timeout             = 5
          + unhealthy_threshold = 3
        }

      + stickiness (known after apply)

      + target_failover (known after apply)

      + target_group_health (known after apply)

      + target_health_state (known after apply)
    }

  # aws_nat_gateway.this will be created
  + resource "aws_nat_gateway" "this" {
      + allocation_id                      = (known after apply)
      + association_id                     = (known after apply)
      + connectivity_type                  = "public"
      + id                                 = (known after apply)
      + network_interface_id               = (known after apply)
      + private_ip                         = (known after apply)
      + public_ip                          = (known after apply)
      + secondary_private_ip_address_count = (known after apply)
      + secondary_private_ip_addresses     = (known after apply)
      + subnet_id                          = (known after apply)
      + tags                               = {
          + "Name" = "dynamodb-admin-nat"
        }
      + tags_all                           = {
          + "Managed" = "terraform"
          + "Name"    = "dynamodb-admin-nat"
          + "Project" = "localstack-replacement"
        }
    }

  # aws_route.private_nat will be created
  + resource "aws_route" "private_nat" {
      + destination_cidr_block = "0.0.0.0/0"
      + id                     = (known after apply)
      + instance_id            = (known after apply)
      + instance_owner_id      = (known after apply)
      + nat_gateway_id         = (known after apply)
      + network_interface_id   = (known after apply)
      + origin                 = (known after apply)
      + route_table_id         = (known after apply)
      + state                  = (known after apply)
    }

  # aws_route.public_inet will be created
  + resource "aws_route" "public_inet" {
      + destination_cidr_block = "0.0.0.0/0"
      + gateway_id             = (known after apply)
      + id                     = (known after apply)
      + instance_id            = (known after apply)
      + instance_owner_id      = (known after apply)
      + network_interface_id   = (known after apply)
      + origin                 = (known after apply)
      + route_table_id         = (known after apply)
      + state                  = (known after apply)
    }

  # aws_route_table.private will be created
  + resource "aws_route_table" "private" {
      + arn              = (known after apply)
      + id               = (known after apply)
      + owner_id         = (known after apply)
      + propagating_vgws = (known after apply)
      + route            = (known after apply)
      + tags             = {
          + "Name" = "dynamodb-admin-private-rt"
        }
      + tags_all         = {
          + "Managed" = "terraform"
          + "Name"    = "dynamodb-admin-private-rt"
          + "Project" = "localstack-replacement"
        }
      + vpc_id           = (known after apply)
    }

  # aws_route_table.public will be created
  + resource "aws_route_table" "public" {
      + arn              = (known after apply)
      + id               = (known after apply)
      + owner_id         = (known after apply)
      + propagating_vgws = (known after apply)
      + route            = (known after apply)
      + tags             = {
          + "Name" = "dynamodb-admin-public-rt"
        }
      + tags_all         = {
          + "Managed" = "terraform"
          + "Name"    = "dynamodb-admin-public-rt"
          + "Project" = "localstack-replacement"
        }
      + vpc_id           = (known after apply)
    }

  # aws_route_table_association.private["eu-central-1a"] will be created
  + resource "aws_route_table_association" "private" {
      + id             = (known after apply)
      + route_table_id = (known after apply)
      + subnet_id      = (known after apply)
    }

  # aws_route_table_association.private["eu-central-1b"] will be created
  + resource "aws_route_table_association" "private" {
      + id             = (known after apply)
      + route_table_id = (known after apply)
      + subnet_id      = (known after apply)
    }

  # aws_route_table_association.public["eu-central-1a"] will be created
  + resource "aws_route_table_association" "public" {
      + id             = (known after apply)
      + route_table_id = (known after apply)
      + subnet_id      = (known after apply)
    }

  # aws_route_table_association.public["eu-central-1b"] will be created
  + resource "aws_route_table_association" "public" {
      + id             = (known after apply)
      + route_table_id = (known after apply)
      + subnet_id      = (known after apply)
    }

  # aws_security_group.alb will be created
  + resource "aws_security_group" "alb" {
      + arn                    = (known after apply)
      + description            = "ALB security group"
      + egress                 = [
          + {
              + cidr_blocks      = [
                  + "0.0.0.0/0",
                ]
              + from_port        = 0
              + ipv6_cidr_blocks = []
              + prefix_list_ids  = []
              + protocol         = "-1"
              + security_groups  = []
              + self             = false
              + to_port          = 0
                # (1 unchanged attribute hidden)
            },
        ]
      + id                     = (known after apply)
      + ingress                = [
          + {
              + cidr_blocks      = [
                  + "0.0.0.0/0",
                ]
              + description      = "HTTP from allowed CIDRs"
              + from_port        = 80
              + ipv6_cidr_blocks = []
              + prefix_list_ids  = []
              + protocol         = "tcp"
              + security_groups  = []
              + self             = false
              + to_port          = 80
            },
        ]
      + name                   = "dynamodb-admin-alb-sg"
      + name_prefix            = (known after apply)
      + owner_id               = (known after apply)
      + revoke_rules_on_delete = false
      + tags                   = {
          + "Name" = "dynamodb-admin-alb-sg"
        }
      + tags_all               = {
          + "Managed" = "terraform"
          + "Name"    = "dynamodb-admin-alb-sg"
          + "Project" = "localstack-replacement"
        }
      + vpc_id                 = (known after apply)
    }

  # aws_security_group.ecs will be created
  + resource "aws_security_group" "ecs" {
      + arn                    = (known after apply)
      + description            = "ECS service security group"
      + egress                 = [
          + {
              + cidr_blocks      = [
                  + "0.0.0.0/0",
                ]
              + from_port        = 0
              + ipv6_cidr_blocks = []
              + prefix_list_ids  = []
              + protocol         = "-1"
              + security_groups  = []
              + self             = false
              + to_port          = 0
                # (1 unchanged attribute hidden)
            },
        ]
      + id                     = (known after apply)
      + ingress                = [
          + {
              + cidr_blocks      = []
              + description      = "From ALB"
              + from_port        = 8001
              + ipv6_cidr_blocks = []
              + prefix_list_ids  = []
              + protocol         = "tcp"
              + security_groups  = (known after apply)
              + self             = false
              + to_port          = 8001
            },
        ]
      + name                   = "dynamodb-admin-ecs-sg"
      + name_prefix            = (known after apply)
      + owner_id               = (known after apply)
      + revoke_rules_on_delete = false
      + tags                   = {
          + "Name" = "dynamodb-admin-ecs-sg"
        }
      + tags_all               = {
          + "Managed" = "terraform"
          + "Name"    = "dynamodb-admin-ecs-sg"
          + "Project" = "localstack-replacement"
        }
      + vpc_id                 = (known after apply)
    }

  # aws_subnet.private["eu-central-1a"] will be created
  + resource "aws_subnet" "private" {
      + arn                                            = (known after apply)
      + assign_ipv6_address_on_creation                = false
      + availability_zone                              = "eu-central-1a"
      + availability_zone_id                           = (known after apply)
      + cidr_block                                     = "10.0.10.0/24"
      + enable_dns64                                   = false
      + enable_resource_name_dns_a_record_on_launch    = false
      + enable_resource_name_dns_aaaa_record_on_launch = false
      + id                                             = (known after apply)
      + ipv6_cidr_block_association_id                 = (known after apply)
      + ipv6_native                                    = false
      + map_public_ip_on_launch                        = false
      + owner_id                                       = (known after apply)
      + private_dns_hostname_type_on_launch            = (known after apply)
      + tags                                           = {
          + "Name" = "dynamodb-admin-private-eu-central-1a"
          + "Tier" = "private"
        }
      + tags_all                                       = {
          + "Managed" = "terraform"
          + "Name"    = "dynamodb-admin-private-eu-central-1a"
          + "Project" = "localstack-replacement"
          + "Tier"    = "private"
        }
      + vpc_id                                         = (known after apply)
    }

  # aws_subnet.private["eu-central-1b"] will be created
  + resource "aws_subnet" "private" {
      + arn                                            = (known after apply)
      + assign_ipv6_address_on_creation                = false
      + availability_zone                              = "eu-central-1b"
      + availability_zone_id                           = (known after apply)
      + cidr_block                                     = "10.0.11.0/24"
      + enable_dns64                                   = false
      + enable_resource_name_dns_a_record_on_launch    = false
      + enable_resource_name_dns_aaaa_record_on_launch = false
      + id                                             = (known after apply)
      + ipv6_cidr_block_association_id                 = (known after apply)
      + ipv6_native                                    = false
      + map_public_ip_on_launch                        = false
      + owner_id                                       = (known after apply)
      + private_dns_hostname_type_on_launch            = (known after apply)
      + tags                                           = {
          + "Name" = "dynamodb-admin-private-eu-central-1b"
          + "Tier" = "private"
        }
      + tags_all                                       = {
          + "Managed" = "terraform"
          + "Name"    = "dynamodb-admin-private-eu-central-1b"
          + "Project" = "localstack-replacement"
          + "Tier"    = "private"
        }
      + vpc_id                                         = (known after apply)
    }

  # aws_subnet.public["eu-central-1a"] will be created
  + resource "aws_subnet" "public" {
      + arn                                            = (known after apply)
      + assign_ipv6_address_on_creation                = false
      + availability_zone                              = "eu-central-1a"
      + availability_zone_id                           = (known after apply)
      + cidr_block                                     = "10.0.0.0/24"
      + enable_dns64                                   = false
      + enable_resource_name_dns_a_record_on_launch    = false
      + enable_resource_name_dns_aaaa_record_on_launch = false
      + id                                             = (known after apply)
      + ipv6_cidr_block_association_id                 = (known after apply)
      + ipv6_native                                    = false
      + map_public_ip_on_launch                        = true
      + owner_id                                       = (known after apply)
      + private_dns_hostname_type_on_launch            = (known after apply)
      + tags                                           = {
          + "Name" = "dynamodb-admin-public-eu-central-1a"
          + "Tier" = "public"
        }
      + tags_all                                       = {
          + "Managed" = "terraform"
          + "Name"    = "dynamodb-admin-public-eu-central-1a"
          + "Project" = "localstack-replacement"
          + "Tier"    = "public"
        }
      + vpc_id                                         = (known after apply)
    }

  # aws_subnet.public["eu-central-1b"] will be created
  + resource "aws_subnet" "public" {
      + arn                                            = (known after apply)
      + assign_ipv6_address_on_creation                = false
      + availability_zone                              = "eu-central-1b"
      + availability_zone_id                           = (known after apply)
      + cidr_block                                     = "10.0.1.0/24"
      + enable_dns64                                   = false
      + enable_resource_name_dns_a_record_on_launch    = false
      + enable_resource_name_dns_aaaa_record_on_launch = false
      + id                                             = (known after apply)
      + ipv6_cidr_block_association_id                 = (known after apply)
      + ipv6_native                                    = false
      + map_public_ip_on_launch                        = true
      + owner_id                                       = (known after apply)
      + private_dns_hostname_type_on_launch            = (known after apply)
      + tags                                           = {
          + "Name" = "dynamodb-admin-public-eu-central-1b"
          + "Tier" = "public"
        }
      + tags_all                                       = {
          + "Managed" = "terraform"
          + "Name"    = "dynamodb-admin-public-eu-central-1b"
          + "Project" = "localstack-replacement"
          + "Tier"    = "public"
        }
      + vpc_id                                         = (known after apply)
    }

  # aws_vpc.this will be created
  + resource "aws_vpc" "this" {
      + arn                                  = (known after apply)
      + cidr_block                           = "10.0.0.0/16"
      + default_network_acl_id               = (known after apply)
      + default_route_table_id               = (known after apply)
      + default_security_group_id            = (known after apply)
      + dhcp_options_id                      = (known after apply)
      + enable_dns_hostnames                 = true
      + enable_dns_support                   = true
      + enable_network_address_usage_metrics = (known after apply)
      + id                                   = (known after apply)
      + instance_tenancy                     = "default"
      + ipv6_association_id                  = (known after apply)
      + ipv6_cidr_block                      = (known after apply)
      + ipv6_cidr_block_network_border_group = (known after apply)
      + main_route_table_id                  = (known after apply)
      + owner_id                             = (known after apply)
      + tags                                 = {
          + "Name" = "dynamodb-admin-vpc"
        }
      + tags_all                             = {
          + "Managed" = "terraform"
          + "Name"    = "dynamodb-admin-vpc"
          + "Project" = "localstack-replacement"
        }
    }

Plan: 30 to add, 0 to change, 0 to destroy.

Changes to Outputs:
  + alb_dns_name        = (known after apply)
  + dynamodb_table_name = "example-table"
  + vpc_id              = (known after apply)
aws_iam_role.task: Creating...
aws_vpc.this: Creating...
aws_iam_role.task_execution: Creating...
aws_ecs_cluster.this: Creating...
aws_eip.nat: Creating...
aws_cloudwatch_log_group.admin: Creating...
aws_dynamodb_table.this: Creating...
aws_eip.nat: Creation complete after 0s [id=eipalloc-3aab5fe85b545f1ea]
aws_iam_role.task_execution: Creation complete after 0s [id=dynamodb-admin-task-exec]
aws_iam_role.task: Creation complete after 0s [id=dynamodb-admin-task]
aws_iam_role_policy_attachment.task_execution: Creating...
aws_iam_role_policy_attachment.task_execution: Creation complete after 0s [id=dynamodb-admin-task-exec-20260127083233063500000001]
aws_cloudwatch_log_group.admin: Creation complete after 0s [id=/ecs/dynamodb-admin]
aws_ecs_task_definition.admin: Creating...
aws_ecs_task_definition.admin: Creation complete after 0s [id=dynamodb-admin]
aws_dynamodb_table.this: Creation complete after 2s [id=example-table]
aws_iam_role_policy.task_dynamodb: Creating...
aws_iam_role_policy.task_dynamodb: Creation complete after 0s [id=dynamodb-admin-task:dynamodb-admin-task-dynamodb]
aws_ecs_cluster.this: Still creating... [00m10s elapsed]
aws_vpc.this: Still creating... [00m10s elapsed]
aws_vpc.this: Creation complete after 10s [id=vpc-7a8d7e99ece110671]
aws_internet_gateway.this: Creating...
aws_subnet.public["eu-central-1a"]: Creating...
aws_subnet.public["eu-central-1b"]: Creating...
aws_route_table.public: Creating...
aws_route_table.private: Creating...
aws_subnet.private["eu-central-1b"]: Creating...
aws_subnet.private["eu-central-1a"]: Creating...
aws_lb_target_group.admin: Creating...
aws_security_group.alb: Creating...
aws_subnet.private["eu-central-1a"]: Creation complete after 0s [id=subnet-ab3248fb424329ac3]
aws_subnet.private["eu-central-1b"]: Creation complete after 0s [id=subnet-d01652b9a1eb4f10a]
aws_internet_gateway.this: Creation complete after 0s [id=igw-1f4bce36266529ab3]
aws_route_table.public: Creation complete after 0s [id=rtb-83b00fc1651233649]
aws_route_table.private: Creation complete after 0s [id=rtb-f6e698b0d2319ce67]
aws_route_table_association.private["eu-central-1b"]: Creating...
aws_route_table_association.private["eu-central-1a"]: Creating...
aws_route.public_inet: Creating...
aws_ecs_cluster.this: Creation complete after 10s [id=arn:aws:ecs:eu-central-1:000000000000:cluster/dynamodb-admin-cluster]
aws_route_table_association.private["eu-central-1b"]: Creation complete after 0s [id=rtbassoc-7b4196958faec5daf]
aws_route_table_association.private["eu-central-1a"]: Creation complete after 0s [id=rtbassoc-1191f664e17674997]
aws_lb_target_group.admin: Creation complete after 0s [id=arn:aws:elasticloadbalancing:eu-central-1:000000000000:targetgroup/dynamodb-admin-tg/b4165b611683c36d]
aws_security_group.alb: Creation complete after 0s [id=sg-043e519643f446faa]
aws_security_group.ecs: Creating...
aws_route.public_inet: Creation complete after 0s [id=r-rtb-83b00fc16512336491080289494]
aws_security_group.ecs: Creation complete after 0s [id=sg-416a0be26f9d9e514]
aws_subnet.public["eu-central-1a"]: Still creating... [00m10s elapsed]
aws_subnet.public["eu-central-1b"]: Still creating... [00m10s elapsed]
aws_subnet.public["eu-central-1b"]: Creation complete after 10s [id=subnet-60c3f1fe4a27e34df]
aws_subnet.public["eu-central-1a"]: Creation complete after 10s [id=subnet-b93582c2eee6662eb]
aws_route_table_association.public["eu-central-1b"]: Creating...
aws_route_table_association.public["eu-central-1a"]: Creating...
aws_nat_gateway.this: Creating...
aws_lb.this: Creating...
aws_route_table_association.public["eu-central-1b"]: Creation complete after 0s [id=rtbassoc-a2bcea2ea5b8dad8d]
aws_route_table_association.public["eu-central-1a"]: Creation complete after 0s [id=rtbassoc-1275a73e9b96315f0]
aws_nat_gateway.this: Creation complete after 0s [id=nat-dca6ba86054f0f077]
aws_route.private_nat: Creating...
aws_route.private_nat: Creation complete after 0s [id=r-rtb-f6e698b0d2319ce671080289494]
aws_lb.this: Still creating... [00m10s elapsed]
aws_lb.this: Still creating... [00m20s elapsed]
aws_lb.this: Still creating... [00m30s elapsed]
aws_lb.this: Still creating... [00m40s elapsed]
aws_lb.this: Still creating... [00m50s elapsed]
aws_lb.this: Still creating... [01m00s elapsed]
aws_lb.this: Creation complete after 1m0s [id=arn:aws:elasticloadbalancing:eu-central-1:000000000000:loadbalancer/app/dynamodb-admin-alb/df564fc5c77c751b]
aws_lb_listener.http: Creating...
aws_lb_listener.http: Creation complete after 0s [id=arn:aws:elasticloadbalancing:eu-central-1:000000000000:listener/app/dynamodb-admin-alb/df564fc5c77c751b/40efb3d0585ffcce]
aws_ecs_service.admin: Creating...
aws_ecs_service.admin: Creation complete after 8s [id=arn:aws:ecs:eu-central-1:000000000000:service/dynamodb-admin-cluster/dynamodb-admin-svc]

Apply complete! Resources: 30 added, 0 changed, 0 destroyed.

Outputs:

alb_dns_name = "dynamodb-admin-alb.elb.localhost.localstack.cloud"
dynamodb_table_name = "example-table"
vpc_id = "vpc-7a8d7e99ece110671"
