{"format_version":"1.2","terraform_version":"1.13.5","variables":{"aws_region":{"value":"us-east-1"},"environment":{"value":"dev"},"kms_deletion_window_in_days":{"value":30},"lambda_function_name":{"value":"ssm_backup"},"lambda_handler":{"value":"ssm_backup.lambda_handler"},"lambda_log_retention_days":{"value":30},"lambda_memory_size":{"value":256},"lambda_runtime":{"value":"python3.11"},"lambda_timeout":{"value":300},"lambda_zip_path":{"value":"../ssm_backup.zip"},"namespace":{"value":"ai-tf"},"s3_backup_prefix":{"value":"backups/"},"s3_force_destroy":{"value":false},"s3_lifecycle_expiration_days":{"value":365},"schedule_expression":{"value":"rate(1 day)"},"tags":{"value":{}}},"planned_values":{"outputs":{"event_rule_arn":{"sensitive":false},"kms_key_arn":{"sensitive":false},"lambda_function_arn":{"sensitive":false},"s3_bucket_name":{"sensitive":false}},"root_module":{"resources":[{"address":"aws_cloudwatch_event_rule.daily","mode":"managed","type":"aws_cloudwatch_event_rule","name":"daily","provider_name":"registry.terraform.io/hashicorp/aws","schema_version":1,"values":{"description":"Schedule to run SSM Parameter Store backup Lambda","event_bus_name":"default","event_pattern":null,"force_destroy":false,"is_enabled":null,"name_prefix":"ai-tf-dev-ssm_backup-","region":"us-east-1","role_arn":null,"schedule_expression":"rate(1 day)","state":null,"tags":null,"tags_all":{"Environment":"dev","ManagedBy":"terraform","Project":"ai-tf"}},"sensitive_values":{"tags_all":{}},"identity_schema_version":0,"identity":{"account_id":null,"name":null,"region":null}},{"address":"aws_cloudwatch_event_target.lambda","mode":"managed","type":"aws_cloudwatch_event_target","name":"lambda","provider_name":"registry.terraform.io/hashicorp/aws","schema_version":1,"values":{"appsync_target":[],"batch_target":[],"dead_letter_config":[],"ecs_target":[],"event_bus_name":"default","force_destroy":false,"http_target":[],"input":null,"input_path":null,"input_transformer":[],"kinesis_target":[],"redshift_target":[],"region":"us-east-1","retry_policy":[],"role_arn":null,"run_command_targets":[],"sagemaker_pipeline_target":[],"sqs_target":[],"target_id":"ssm-backup"},"sensitive_values":{"appsync_target":[],"batch_target":[],"dead_letter_config":[],"ecs_target":[],"http_target":[],"input_transformer":[],"kinesis_target":[],"redshift_target":[],"retry_policy":[],"run_command_targets":[],"sagemaker_pipeline_target":[],"sqs_target":[]},"identity_schema_version":0,"identity":{"account_id":null,"event_bus_name":null,"region":null,"rule":null,"target_id":null}},{"address":"aws_cloudwatch_log_group.lambda","mode":"managed","type":"aws_cloudwatch_log_group","name":"lambda","provider_name":"registry.terraform.io/hashicorp/aws","schema_version":0,"values":{"kms_key_id":null,"name":"/aws/lambda/ssm_backup","region":"us-east-1","retention_in_days":30,"skip_destroy":false,"tags":null,"tags_all":{"Environment":"dev","ManagedBy":"terraform","Project":"ai-tf"}},"sensitive_values":{"tags_all":{}},"identity_schema_version":0,"identity":{"account_id":null,"name":null,"region":null}},{"address":"aws_iam_policy.lambda_custom","mode":"managed","type":"aws_iam_policy","name":"lambda_custom","provider_name":"registry.terraform.io/hashicorp/aws","schema_version":0,"values":{"delay_after_policy_creation_in_ms":null,"description":"Least-privilege policy for SSM backup Lambda","name_prefix":"ai-tf-dev-ssm_backup-","path":"/","tags":null,"tags_all":{"Environment":"dev","ManagedBy":"terraform","Project":"ai-tf"}},"sensitive_values":{"tags_all":{}},"identity_schema_version":0,"identity":{"arn":null}},{"address":"aws_iam_role.lambda_exec","mode":"managed","type":"aws_iam_role","name":"lambda_exec","provider_name":"registry.terraform.io/hashicorp/aws","schema_version":0,"values":{"assume_role_policy":"{\"Statement\":[{\"Action\":\"sts:AssumeRole\",\"Effect\":\"Allow\",\"Principal\":{\"Service\":\"lambda.amazonaws.com\"}}],\"Version\":\"2012-10-17\"}","description":null,"force_detach_policies":false,"max_session_duration":3600,"name_prefix":"ai-tf-dev-ssm_backup-exec-","path":"/","permissions_boundary":null,"tags":null,"tags_all":{"Environment":"dev","ManagedBy":"terraform","Project":"ai-tf"}},"sensitive_values":{"inline_policy":[],"managed_policy_arns":[],"tags_all":{}},"identity_schema_version":0,"identity":{"account_id":null,"name":null}},{"address":"aws_iam_role_policy_attachment.lambda_basic","mode":"managed","type":"aws_iam_role_policy_attachment","name":"lambda_basic","provider_name":"registry.terraform.io/hashicorp/aws","schema_version":0,"values":{"policy_arn":"arn:aws:iam::aws:policy/service-role/AWSLambdaBasicExecutionRole"},"sensitive_values":{},"identity_schema_version":0,"identity":{"account_id":null,"policy_arn":null,"role":null}},{"address":"aws_iam_role_policy_attachment.lambda_custom","mode":"managed","type":"aws_iam_role_policy_attachment","name":"lambda_custom","provider_name":"registry.terraform.io/hashicorp/aws","schema_version":0,"sensitive_values":{},"identity_schema_version":0,"identity":{"account_id":null,"policy_arn":null,"role":null}},{"address":"aws_kms_alias.backup","mode":"managed","type":"aws_kms_alias","name":"backup","provider_name":"registry.terraform.io/hashicorp/aws","schema_version":0,"values":{"name":"alias/ai-tf-dev-ssm-parameter-backup","region":"us-east-1"},"sensitive_values":{},"identity_schema_version":0,"identity":{"account_id":null,"name":null,"region":null}},{"address":"aws_kms_key.backup","mode":"managed","type":"aws_kms_key","name":"backup","provider_name":"registry.terraform.io/hashicorp/aws","schema_version":0,"values":{"bypass_policy_lockout_safety_check":false,"custom_key_store_id":null,"customer_master_key_spec":"SYMMETRIC_DEFAULT","deletion_window_in_days":30,"description":"KMS key for SSM Parameter Store backups in S3","enable_key_rotation":true,"is_enabled":true,"key_usage":"ENCRYPT_DECRYPT","region":"us-east-1","tags":null,"tags_all":{"Environment":"dev","ManagedBy":"terraform","Project":"ai-tf"},"timeouts":null,"xks_key_id":null},"sensitive_values":{"tags_all":{}},"identity_schema_version":0,"identity":{"account_id":null,"id":null,"region":null}},{"address":"aws_lambda_function.ssm_backup","mode":"managed","type":"aws_lambda_function","name":"ssm_backup","provider_name":"registry.terraform.io/hashicorp/aws","schema_version":0,"values":{"capacity_provider_config":[],"code_signing_config_arn":null,"dead_letter_config":[],"description":null,"durable_config":[],"environment":[{}],"file_system_config":[],"filename":"../ssm_backup.zip","function_name":"ssm_backup","handler":"ssm_backup.lambda_handler","image_config":[],"image_uri":null,"kms_key_arn":null,"layers":null,"memory_size":256,"package_type":"Zip","publish":false,"publish_to":null,"region":"us-east-1","replace_security_groups_on_destroy":null,"replacement_security_group_ids":null,"reserved_concurrent_executions":-1,"runtime":"python3.11","s3_bucket":null,"s3_key":null,"s3_object_version":null,"skip_destroy":false,"snap_start":[],"source_code_hash":"n4A7xOd6eEQZBCcT0Ok0Pbk6dsslDSf/uucrtWNnhKg=","source_kms_key_arn":null,"tags":null,"tags_all":{"Environment":"dev","ManagedBy":"terraform","Project":"ai-tf"},"tenancy_config":[],"timeout":300,"timeouts":null,"vpc_config":[]},"sensitive_values":{"architectures":[],"capacity_provider_config":[],"dead_letter_config":[],"durable_config":[],"environment":[{"variables":{}}],"ephemeral_storage":[],"file_system_config":[],"image_config":[],"logging_config":[],"snap_start":[],"tags_all":{},"tenancy_config":[],"tracing_config":[],"vpc_config":[]},"identity_schema_version":0,"identity":{"account_id":null,"function_name":null,"region":null}},{"address":"aws_lambda_permission.allow_eventbridge","mode":"managed","type":"aws_lambda_permission","name":"allow_eventbridge","provider_name":"registry.terraform.io/hashicorp/aws","schema_version":0,"values":{"action":"lambda:InvokeFunction","event_source_token":null,"function_name":"ssm_backup","function_url_auth_type":null,"invoked_via_function_url":null,"principal":"events.amazonaws.com","principal_org_id":null,"qualifier":null,"region":"us-east-1","source_account":null,"statement_id":"AllowExecutionFromEventBridge"},"sensitive_values":{},"identity_schema_version":0,"identity":{"account_id":null,"function_name":null,"qualifier":null,"region":null,"statement_id":null}},{"address":"aws_s3_bucket.backup","mode":"managed","type":"aws_s3_bucket","name":"backup","provider_name":"registry.terraform.io/hashicorp/aws","schema_version":0,"values":{"bucket_prefix":"ai-tf-dev-ssm-parameter-backup-","force_destroy":false,"region":"us-east-1","tags":null,"tags_all":{"Environment":"dev","ManagedBy":"terraform","Project":"ai-tf"},"timeouts":null},"sensitive_values":{"cors_rule":[],"grant":[],"lifecycle_rule":[],"logging":[],"object_lock_configuration":[],"replication_configuration":[],"server_side_encryption_configuration":[],"tags_all":{},"versioning":[],"website":[]},"identity_schema_version":0,"identity":{"account_id":null,"bucket":null,"region":null}},{"address":"aws_s3_bucket_lifecycle_configuration.backup[0]","mode":"managed","type":"aws_s3_bucket_lifecycle_configuration","name":"backup","index":0,"provider_name":"registry.terraform.io/hashicorp/aws","schema_version":1,"values":{"region":"us-east-1","rule":[{"abort_incomplete_multipart_upload":[],"expiration":[{"date":null,"days":365,"expired_object_delete_marker":false}],"filter":[{"and":[],"object_size_greater_than":null,"object_size_less_than":null,"prefix":"backups/","tag":[]}],"id":"expire-backups","noncurrent_version_expiration":[{"newer_noncurrent_versions":null,"noncurrent_days":365}],"noncurrent_version_transition":[],"prefix":"","status":"Enabled","transition":[]}],"timeouts":null,"transition_default_minimum_object_size":"all_storage_classes_128K"},"sensitive_values":{"rule":[{"abort_incomplete_multipart_upload":[],"expiration":[{}],"filter":[{"and":[],"tag":[]}],"noncurrent_version_expiration":[{}],"noncurrent_version_transition":[],"transition":[]}]}},{"address":"aws_s3_bucket_ownership_controls.backup","mode":"managed","type":"aws_s3_bucket_ownership_controls","name":"backup","provider_name":"registry.terraform.io/hashicorp/aws","schema_version":0,"values":{"region":"us-east-1","rule":[{"object_ownership":"BucketOwnerEnforced"}]},"sensitive_values":{"rule":[{}]},"identity_schema_version":0,"identity":{"account_id":null,"bucket":null,"region":null}},{"address":"aws_s3_bucket_policy.backup","mode":"managed","type":"aws_s3_bucket_policy","name":"backup","provider_name":"registry.terraform.io/hashicorp/aws","schema_version":0,"values":{"region":"us-east-1"},"sensitive_values":{},"identity_schema_version":0,"identity":{"account_id":null,"bucket":null,"region":null}},{"address":"aws_s3_bucket_public_access_block.backup","mode":"managed","type":"aws_s3_bucket_public_access_block","name":"backup","provider_name":"registry.terraform.io/hashicorp/aws","schema_version":0,"values":{"block_public_acls":true,"block_public_policy":true,"ignore_public_acls":true,"region":"us-east-1","restrict_public_buckets":true,"skip_destroy":null},"sensitive_values":{},"identity_schema_version":0,"identity":{"account_id":null,"bucket":null,"region":null}},{"address":"aws_s3_bucket_server_side_encryption_configuration.backup","mode":"managed","type":"aws_s3_bucket_server_side_encryption_configuration","name":"backup","provider_name":"registry.terraform.io/hashicorp/aws","schema_version":0,"values":{"expected_bucket_owner":null,"region":"us-east-1","rule":[{"apply_server_side_encryption_by_default":[{"sse_algorithm":"aws:kms"}],"blocked_encryption_types":[],"bucket_key_enabled":null}]},"sensitive_values":{"rule":[{"apply_server_side_encryption_by_default":[{}],"blocked_encryption_types":[]}]},"identity_schema_version":0,"identity":{"account_id":null,"bucket":null,"expected_bucket_owner":null,"region":null}},{"address":"aws_s3_bucket_versioning.backup","mode":"managed","type":"aws_s3_bucket_versioning","name":"backup","provider_name":"registry.terraform.io/hashicorp/aws","schema_version":0,"values":{"expected_bucket_owner":null,"mfa":null,"region":"us-east-1","versioning_configuration":[{"status":"Enabled"}]},"sensitive_values":{"versioning_configuration":[{}]},"identity_schema_version":0,"identity":{"account_id":null,"bucket":null,"expected_bucket_owner":null,"region":null}}]}},"resource_changes":[{"address":"aws_cloudwatch_event_rule.daily","mode":"managed","type":"aws_cloudwatch_event_rule","name":"daily","provider_name":"registry.terraform.io/hashicorp/aws","change":{"actions":["create"],"before":null,"after":{"description":"Schedule to run SSM Parameter Store backup Lambda","event_bus_name":"default","event_pattern":null,"force_destroy":false,"is_enabled":null,"name_prefix":"ai-tf-dev-ssm_backup-","region":"us-east-1","role_arn":null,"schedule_expression":"rate(1 day)","state":null,"tags":null,"tags_all":{"Environment":"dev","ManagedBy":"terraform","Project":"ai-tf"}},"after_unknown":{"arn":true,"id":true,"name":true,"tags_all":{}},"before_sensitive":false,"after_sensitive":{"tags_all":{}},"after_identity":{"account_id":null,"name":null,"region":null}}},{"address":"aws_cloudwatch_event_target.lambda","mode":"managed","type":"aws_cloudwatch_event_target","name":"lambda","provider_name":"registry.terraform.io/hashicorp/aws","change":{"actions":["create"],"before":null,"after":{"appsync_target":[],"batch_target":[],"dead_letter_config":[],"ecs_target":[],"event_bus_name":"default","force_destroy":false,"http_target":[],"input":null,"input_path":null,"input_transformer":[],"kinesis_target":[],"redshift_target":[],"region":"us-east-1","retry_policy":[],"role_arn":null,"run_command_targets":[],"sagemaker_pipeline_target":[],"sqs_target":[],"target_id":"ssm-backup"},"after_unknown":{"appsync_target":[],"arn":true,"batch_target":[],"dead_letter_config":[],"ecs_target":[],"http_target":[],"id":true,"input_transformer":[],"kinesis_target":[],"redshift_target":[],"retry_policy":[],"rule":true,"run_command_targets":[],"sagemaker_pipeline_target":[],"sqs_target":[]},"before_sensitive":false,"after_sensitive":{"appsync_target":[],"batch_target":[],"dead_letter_config":[],"ecs_target":[],"http_target":[],"input_transformer":[],"kinesis_target":[],"redshift_target":[],"retry_policy":[],"run_command_targets":[],"sagemaker_pipeline_target":[],"sqs_target":[]},"after_identity":{"account_id":null,"event_bus_name":null,"region":null,"rule":null,"target_id":null}}},{"address":"aws_cloudwatch_log_group.lambda","mode":"managed","type":"aws_cloudwatch_log_group","name":"lambda","provider_name":"registry.terraform.io/hashicorp/aws","change":{"actions":["create"],"before":null,"after":{"kms_key_id":null,"name":"/aws/lambda/ssm_backup","region":"us-east-1","retention_in_days":30,"skip_destroy":false,"tags":null,"tags_all":{"Environment":"dev","ManagedBy":"terraform","Project":"ai-tf"}},"after_unknown":{"arn":true,"deletion_protection_enabled":true,"id":true,"log_group_class":true,"name_prefix":true,"tags_all":{}},"before_sensitive":false,"after_sensitive":{"tags_all":{}},"after_identity":{"account_id":null,"name":null,"region":null}}},{"address":"aws_iam_policy.lambda_custom","mode":"managed","type":"aws_iam_policy","name":"lambda_custom","provider_name":"registry.terraform.io/hashicorp/aws","change":{"actions":["create"],"before":null,"after":{"delay_after_policy_creation_in_ms":null,"description":"Least-privilege policy for SSM backup Lambda","name_prefix":"ai-tf-dev-ssm_backup-","path":"/","tags":null,"tags_all":{"Environment":"dev","ManagedBy":"terraform","Project":"ai-tf"}},"after_unknown":{"arn":true,"attachment_count":true,"id":true,"name":true,"policy":true,"policy_id":true,"tags_all":{}},"before_sensitive":false,"after_sensitive":{"tags_all":{}},"after_identity":{"arn":null}}},{"address":"aws_iam_role.lambda_exec","mode":"managed","type":"aws_iam_role","name":"lambda_exec","provider_name":"registry.terraform.io/hashicorp/aws","change":{"actions":["create"],"before":null,"after":{"assume_role_policy":"{\"Statement\":[{\"Action\":\"sts:AssumeRole\",\"Effect\":\"Allow\",\"Principal\":{\"Service\":\"lambda.amazonaws.com\"}}],\"Version\":\"2012-10-17\"}","description":null,"force_detach_policies":false,"max_session_duration":3600,"name_prefix":"ai-tf-dev-ssm_backup-exec-","path":"/","permissions_boundary":null,"tags":null,"tags_all":{"Environment":"dev","ManagedBy":"terraform","Project":"ai-tf"}},"after_unknown":{"arn":true,"create_date":true,"id":true,"inline_policy":true,"managed_policy_arns":true,"name":true,"tags_all":{},"unique_id":true},"before_sensitive":false,"after_sensitive":{"inline_policy":[],"managed_policy_arns":[],"tags_all":{}},"after_identity":{"account_id":null,"name":null}}},{"address":"aws_iam_role_policy_attachment.lambda_basic","mode":"managed","type":"aws_iam_role_policy_attachment","name":"lambda_basic","provider_name":"registry.terraform.io/hashicorp/aws","change":{"actions":["create"],"before":null,"after":{"policy_arn":"arn:aws:iam::aws:policy/service-role/AWSLambdaBasicExecutionRole"},"after_unknown":{"id":true,"role":true},"before_sensitive":false,"after_sensitive":{},"after_identity":{"account_id":null,"policy_arn":null,"role":null}}},{"address":"aws_iam_role_policy_attachment.lambda_custom","mode":"managed","type":"aws_iam_role_policy_attachment","name":"lambda_custom","provider_name":"registry.terraform.io/hashicorp/aws","change":{"actions":["create"],"before":null,"after":{},"after_unknown":{"id":true,"policy_arn":true,"role":true},"before_sensitive":false,"after_sensitive":{},"after_identity":{"account_id":null,"policy_arn":null,"role":null}}},{"address":"aws_kms_alias.backup","mode":"managed","type":"aws_kms_alias","name":"backup","provider_name":"registry.terraform.io/hashicorp/aws","change":{"actions":["create"],"before":null,"after":{"name":"alias/ai-tf-dev-ssm-parameter-backup","region":"us-east-1"},"after_unknown":{"arn":true,"id":true,"name_prefix":true,"target_key_arn":true,"target_key_id":true},"before_sensitive":false,"after_sensitive":{},"after_identity":{"account_id":null,"name":null,"region":null}}},{"address":"aws_kms_key.backup","mode":"managed","type":"aws_kms_key","name":"backup","provider_name":"registry.terraform.io/hashicorp/aws","change":{"actions":["create"],"before":null,"after":{"bypass_policy_lockout_safety_check":false,"custom_key_store_id":null,"customer_master_key_spec":"SYMMETRIC_DEFAULT","deletion_window_in_days":30,"description":"KMS key for SSM Parameter Store backups in S3","enable_key_rotation":true,"is_enabled":true,"key_usage":"ENCRYPT_DECRYPT","region":"us-east-1","tags":null,"tags_all":{"Environment":"dev","ManagedBy":"terraform","Project":"ai-tf"},"timeouts":null,"xks_key_id":null},"after_unknown":{"arn":true,"id":true,"key_id":true,"multi_region":true,"policy":true,"rotation_period_in_days":true,"tags_all":{}},"before_sensitive":false,"after_sensitive":{"tags_all":{}},"after_identity":{"account_id":null,"id":null,"region":null}}},{"address":"aws_lambda_function.ssm_backup","mode":"managed","type":"aws_lambda_function","name":"ssm_backup","provider_name":"registry.terraform.io/hashicorp/aws","change":{"actions":["create"],"before":null,"after":{"capacity_provider_config":[],"code_signing_config_arn":null,"dead_letter_config":[],"description":null,"durable_config":[],"environment":[{}],"file_system_config":[],"filename":"../ssm_backup.zip","function_name":"ssm_backup","handler":"ssm_backup.lambda_handler","image_config":[],"image_uri":null,"kms_key_arn":null,"layers":null,"memory_size":256,"package_type":"Zip","publish":false,"publish_to":null,"region":"us-east-1","replace_security_groups_on_destroy":null,"replacement_security_group_ids":null,"reserved_concurrent_executions":-1,"runtime":"python3.11","s3_bucket":null,"s3_key":null,"s3_object_version":null,"skip_destroy":false,"snap_start":[],"source_code_hash":"n4A7xOd6eEQZBCcT0Ok0Pbk6dsslDSf/uucrtWNnhKg=","source_kms_key_arn":null,"tags":null,"tags_all":{"Environment":"dev","ManagedBy":"terraform","Project":"ai-tf"},"tenancy_config":[],"timeout":300,"timeouts":null,"vpc_config":[]},"after_unknown":{"architectures":true,"arn":true,"capacity_provider_config":[],"code_sha256":true,"dead_letter_config":[],"durable_config":[],"environment":[{"variables":true}],"ephemeral_storage":true,"file_system_config":[],"id":true,"image_config":[],"invoke_arn":true,"last_modified":true,"logging_config":true,"qualified_arn":true,"qualified_invoke_arn":true,"response_streaming_invoke_arn":true,"role":true,"signing_job_arn":true,"signing_profile_version_arn":true,"snap_start":[],"source_code_size":true,"tags_all":{},"tenancy_config":[],"tracing_config":true,"version":true,"vpc_config":[]},"before_sensitive":false,"after_sensitive":{"architectures":[],"capacity_provider_config":[],"dead_letter_config":[],"durable_config":[],"environment":[{"variables":{}}],"ephemeral_storage":[],"file_system_config":[],"image_config":[],"logging_config":[],"snap_start":[],"tags_all":{},"tenancy_config":[],"tracing_config":[],"vpc_config":[]},"after_identity":{"account_id":null,"function_name":null,"region":null}}},{"address":"aws_lambda_permission.allow_eventbridge","mode":"managed","type":"aws_lambda_permission","name":"allow_eventbridge","provider_name":"registry.terraform.io/hashicorp/aws","change":{"actions":["create"],"before":null,"after":{"action":"lambda:InvokeFunction","event_source_token":null,"function_name":"ssm_backup","function_url_auth_type":null,"invoked_via_function_url":null,"principal":"events.amazonaws.com","principal_org_id":null,"qualifier":null,"region":"us-east-1","source_account":null,"statement_id":"AllowExecutionFromEventBridge"},"after_unknown":{"id":true,"source_arn":true,"statement_id_prefix":true},"before_sensitive":false,"after_sensitive":{},"after_identity":{"account_id":null,"function_name":null,"qualifier":null,"region":null,"statement_id":null}}},{"address":"aws_s3_bucket.backup","mode":"managed","type":"aws_s3_bucket","name":"backup","provider_name":"registry.terraform.io/hashicorp/aws","change":{"actions":["create"],"before":null,"after":{"bucket_prefix":"ai-tf-dev-ssm-parameter-backup-","force_destroy":false,"region":"us-east-1","tags":null,"tags_all":{"Environment":"dev","ManagedBy":"terraform","Project":"ai-tf"},"timeouts":null},"after_unknown":{"acceleration_status":true,"acl":true,"arn":true,"bucket":true,"bucket_domain_name":true,"bucket_region":true,"bucket_regional_domain_name":true,"cors_rule":true,"grant":true,"hosted_zone_id":true,"id":true,"lifecycle_rule":true,"logging":true,"object_lock_configuration":true,"object_lock_enabled":true,"policy":true,"replication_configuration":true,"request_payer":true,"server_side_encryption_configuration":true,"tags_all":{},"versioning":true,"website":true,"website_domain":true,"website_endpoint":true},"before_sensitive":false,"after_sensitive":{"cors_rule":[],"grant":[],"lifecycle_rule":[],"logging":[],"object_lock_configuration":[],"replication_configuration":[],"server_side_encryption_configuration":[],"tags_all":{},"versioning":[],"website":[]},"after_identity":{"account_id":null,"bucket":null,"region":null}}},{"address":"aws_s3_bucket_lifecycle_configuration.backup[0]","mode":"managed","type":"aws_s3_bucket_lifecycle_configuration","name":"backup","index":0,"provider_name":"registry.terraform.io/hashicorp/aws","change":{"actions":["create"],"before":null,"after":{"region":"us-east-1","rule":[{"abort_incomplete_multipart_upload":[],"expiration":[{"date":null,"days":365,"expired_object_delete_marker":false}],"filter":[{"and":[],"object_size_greater_than":null,"object_size_less_than":null,"prefix":"backups/","tag":[]}],"id":"expire-backups","noncurrent_version_expiration":[{"newer_noncurrent_versions":null,"noncurrent_days":365}],"noncurrent_version_transition":[],"prefix":"","status":"Enabled","transition":[]}],"timeouts":null,"transition_default_minimum_object_size":"all_storage_classes_128K"},"after_unknown":{"bucket":true,"expected_bucket_owner":true,"id":true,"rule":[{"abort_incomplete_multipart_upload":[],"expiration":[{}],"filter":[{"and":[],"tag":[]}],"noncurrent_version_expiration":[{}],"noncurrent_version_transition":[],"transition":[]}]},"before_sensitive":false,"after_sensitive":{"rule":[{"abort_incomplete_multipart_upload":[],"expiration":[{}],"filter":[{"and":[],"tag":[]}],"noncurrent_version_expiration":[{}],"noncurrent_version_transition":[],"transition":[]}]}}},{"address":"aws_s3_bucket_ownership_controls.backup","mode":"managed","type":"aws_s3_bucket_ownership_controls","name":"backup","provider_name":"registry.terraform.io/hashicorp/aws","change":{"actions":["create"],"before":null,"after":{"region":"us-east-1","rule":[{"object_ownership":"BucketOwnerEnforced"}]},"after_unknown":{"bucket":true,"id":true,"rule":[{}]},"before_sensitive":false,"after_sensitive":{"rule":[{}]},"after_identity":{"account_id":null,"bucket":null,"region":null}}},{"address":"aws_s3_bucket_policy.backup","mode":"managed","type":"aws_s3_bucket_policy","name":"backup","provider_name":"registry.terraform.io/hashicorp/aws","change":{"actions":["create"],"before":null,"after":{"region":"us-east-1"},"after_unknown":{"bucket":true,"id":true,"policy":true},"before_sensitive":false,"after_sensitive":{},"after_identity":{"account_id":null,"bucket":null,"region":null}}},{"address":"aws_s3_bucket_public_access_block.backup","mode":"managed","type":"aws_s3_bucket_public_access_block","name":"backup","provider_name":"registry.terraform.io/hashicorp/aws","change":{"actions":["create"],"before":null,"after":{"block_public_acls":true,"block_public_policy":true,"ignore_public_acls":true,"region":"us-east-1","restrict_public_buckets":true,"skip_destroy":null},"after_unknown":{"bucket":true,"id":true},"before_sensitive":false,"after_sensitive":{},"after_identity":{"account_id":null,"bucket":null,"region":null}}},{"address":"aws_s3_bucket_server_side_encryption_configuration.backup","mode":"managed","type":"aws_s3_bucket_server_side_encryption_configuration","name":"backup","provider_name":"registry.terraform.io/hashicorp/aws","change":{"actions":["create"],"before":null,"after":{"expected_bucket_owner":null,"region":"us-east-1","rule":[{"apply_server_side_encryption_by_default":[{"sse_algorithm":"aws:kms"}],"blocked_encryption_types":[],"bucket_key_enabled":null}]},"after_unknown":{"bucket":true,"id":true,"rule":[{"apply_server_side_encryption_by_default":[{"kms_master_key_id":true}],"blocked_encryption_types":[]}]},"before_sensitive":false,"after_sensitive":{"rule":[{"apply_server_side_encryption_by_default":[{}],"blocked_encryption_types":[]}]},"after_identity":{"account_id":null,"bucket":null,"expected_bucket_owner":null,"region":null}}},{"address":"aws_s3_bucket_versioning.backup","mode":"managed","type":"aws_s3_bucket_versioning","name":"backup","provider_name":"registry.terraform.io/hashicorp/aws","change":{"actions":["create"],"before":null,"after":{"expected_bucket_owner":null,"mfa":null,"region":"us-east-1","versioning_configuration":[{"status":"Enabled"}]},"after_unknown":{"bucket":true,"id":true,"versioning_configuration":[{"mfa_delete":true}]},"before_sensitive":false,"after_sensitive":{"versioning_configuration":[{}]},"after_identity":{"account_id":null,"bucket":null,"expected_bucket_owner":null,"region":null}}}],"output_changes":{"event_rule_arn":{"actions":["create"],"before":null,"after_unknown":true,"before_sensitive":false,"after_sensitive":false},"kms_key_arn":{"actions":["create"],"before":null,"after_unknown":true,"before_sensitive":false,"after_sensitive":false},"lambda_function_arn":{"actions":["create"],"before":null,"after_unknown":true,"before_sensitive":false,"after_sensitive":false},"s3_bucket_name":{"actions":["create"],"before":null,"after_unknown":true,"before_sensitive":false,"after_sensitive":false}},"prior_state":{"format_version":"1.0","terraform_version":"1.13.5","values":{"root_module":{"resources":[{"address":"data.archive_file.lambda_dummy","mode":"data","type":"archive_file","name":"lambda_dummy","provider_name":"registry.terraform.io/hashicorp/archive","schema_version":0,"values":{"exclude_symlink_directories":null,"excludes":null,"id":"58e93fade67637870be5af38eff8d5aa66c7da49","output_base64sha256":"wmbalFzzY/wG3ivChKElOZB3+B4gptmQyIat05p+fU4=","output_base64sha512":"BQYAg1LwEY4tDmry1VoRx6StX0vjH+7LpfB5KAZLVvfJQjioPbBv1QxI6QF6P2U614fU3h9XKBCb9z5Y1ornqA==","output_file_mode":null,"output_md5":"a0dbd832a6a977d6d5b28ea5c85e30fb","output_path":"./.dummy/lambda.zip","output_sha":"58e93fade67637870be5af38eff8d5aa66c7da49","output_sha256":"c266da945cf363fc06de2bc284a125399077f81e20a6d990c886add39a7e7d4e","output_sha512":"0506008352f0118e2d0e6af2d55a11c7a4ad5f4be31feecba5f07928064b56f7c94238a83db06fd50c48e9017a3f653ad787d4de1f5728109bf73e58d68ae7a8","output_size":246,"source":[{"content":"exports.handler = async (event) =\u003e {\n  console.log(\"Dummy lambda invoked\");\n  return { statusCode: 200, body: \"dummy\" };\n};\n","filename":"index.js"}],"source_content":null,"source_content_filename":null,"source_dir":null,"source_file":null,"type":"zip"},"sensitive_values":{"source":[{}]}},{"address":"data.aws_caller_identity.current","mode":"data","type":"aws_caller_identity","name":"current","provider_name":"registry.terraform.io/hashicorp/aws","schema_version":0,"values":{"account_id":"000000000000","arn":"arn:aws:iam::000000000000:root","id":"000000000000","user_id":"AKIAIOSFODNN7EXAMPLE"},"sensitive_values":{}},{"address":"data.aws_partition.current","mode":"data","type":"aws_partition","name":"current","provider_name":"registry.terraform.io/hashicorp/aws","schema_version":0,"values":{"dns_suffix":"amazonaws.com","id":"aws","partition":"aws","reverse_dns_prefix":"com.amazonaws"},"sensitive_values":{}},{"address":"data.aws_region.current","mode":"data","type":"aws_region","name":"current","provider_name":"registry.terraform.io/hashicorp/aws","schema_version":0,"values":{"description":"US East (N. Virginia)","endpoint":"ec2.us-east-1.amazonaws.com","id":"us-east-1","name":"us-east-1","region":"us-east-1"},"sensitive_values":{}}]}}},"configuration":{"provider_config":{"archive":{"name":"archive","full_name":"registry.terraform.io/hashicorp/archive"},"aws":{"name":"aws","full_name":"registry.terraform.io/hashicorp/aws","version_constraint":"\u003e= 5.0.0","expressions":{"default_tags":[{"tags":{"references":["var.namespace","var.environment","var.tags"]}}],"region":{"references":["var.aws_region"]}}}},"root_module":{"outputs":{"event_rule_arn":{"expression":{"references":["aws_cloudwatch_event_rule.daily.arn","aws_cloudwatch_event_rule.daily"]},"description":"ARN of the EventBridge rule that triggers the Lambda."},"kms_key_arn":{"expression":{"references":["aws_kms_key.backup.arn","aws_kms_key.backup"]},"description":"ARN of the KMS key used for SSE-KMS encryption."},"lambda_function_arn":{"expression":{"references":["aws_lambda_function.ssm_backup.arn","aws_lambda_function.ssm_backup"]},"description":"ARN of the backup Lambda function."},"s3_bucket_name":{"expression":{"references":["aws_s3_bucket.backup.bucket","aws_s3_bucket.backup"]},"description":"Name of the S3 bucket storing SSM backups."}},"resources":[{"address":"aws_cloudwatch_event_rule.daily","mode":"managed","type":"aws_cloudwatch_event_rule","name":"daily","provider_config_key":"aws","expressions":{"description":{"constant_value":"Schedule to run SSM Parameter Store backup Lambda"},"name_prefix":{"references":["local.name_prefix","var.lambda_function_name"]},"schedule_expression":{"references":["var.schedule_expression"]}},"schema_version":1},{"address":"aws_cloudwatch_event_target.lambda","mode":"managed","type":"aws_cloudwatch_event_target","name":"lambda","provider_config_key":"aws","expressions":{"arn":{"references":["aws_lambda_function.ssm_backup.arn","aws_lambda_function.ssm_backup"]},"rule":{"references":["aws_cloudwatch_event_rule.daily.name","aws_cloudwatch_event_rule.daily"]},"target_id":{"constant_value":"ssm-backup"}},"schema_version":1},{"address":"aws_cloudwatch_log_group.lambda","mode":"managed","type":"aws_cloudwatch_log_group","name":"lambda","provider_config_key":"aws","expressions":{"name":{"references":["var.lambda_function_name"]},"retention_in_days":{"references":["var.lambda_log_retention_days"]}},"schema_version":0},{"address":"aws_iam_policy.lambda_custom","mode":"managed","type":"aws_iam_policy","name":"lambda_custom","provider_config_key":"aws","expressions":{"description":{"constant_value":"Least-privilege policy for SSM backup Lambda"},"name_prefix":{"references":["local.name_prefix","var.lambda_function_name"]},"policy":{"references":["aws_s3_bucket.backup.arn","aws_s3_bucket.backup","var.s3_backup_prefix","aws_kms_key.backup.arn","aws_kms_key.backup"]}},"schema_version":0},{"address":"aws_iam_role.lambda_exec","mode":"managed","type":"aws_iam_role","name":"lambda_exec","provider_config_key":"aws","expressions":{"assume_role_policy":{},"name_prefix":{"references":["local.name_prefix","var.lambda_function_name"]}},"schema_version":0},{"address":"aws_iam_role_policy_attachment.lambda_basic","mode":"managed","type":"aws_iam_role_policy_attachment","name":"lambda_basic","provider_config_key":"aws","expressions":{"policy_arn":{"references":["data.aws_partition.current.partition","data.aws_partition.current"]},"role":{"references":["aws_iam_role.lambda_exec.name","aws_iam_role.lambda_exec"]}},"schema_version":0},{"address":"aws_iam_role_policy_attachment.lambda_custom","mode":"managed","type":"aws_iam_role_policy_attachment","name":"lambda_custom","provider_config_key":"aws","expressions":{"policy_arn":{"references":["aws_iam_policy.lambda_custom.arn","aws_iam_policy.lambda_custom"]},"role":{"references":["aws_iam_role.lambda_exec.name","aws_iam_role.lambda_exec"]}},"schema_version":0},{"address":"aws_kms_alias.backup","mode":"managed","type":"aws_kms_alias","name":"backup","provider_config_key":"aws","expressions":{"name":{"references":["local.name_prefix"]},"target_key_id":{"references":["aws_kms_key.backup.key_id","aws_kms_key.backup"]}},"schema_version":0},{"address":"aws_kms_key.backup","mode":"managed","type":"aws_kms_key","name":"backup","provider_config_key":"aws","expressions":{"deletion_window_in_days":{"references":["var.kms_deletion_window_in_days"]},"description":{"constant_value":"KMS key for SSM Parameter Store backups in S3"},"enable_key_rotation":{"constant_value":true},"policy":{"references":["data.aws_partition.current.partition","data.aws_partition.current","data.aws_caller_identity.current.account_id","data.aws_caller_identity.current","aws_iam_role.lambda_exec.arn","aws_iam_role.lambda_exec","data.aws_caller_identity.current.account_id","data.aws_caller_identity.current","data.aws_partition.current.partition","data.aws_partition.current","aws_s3_bucket.backup.bucket","aws_s3_bucket.backup"]}},"schema_version":0},{"address":"aws_lambda_function.ssm_backup","mode":"managed","type":"aws_lambda_function","name":"ssm_backup","provider_config_key":"aws","expressions":{"environment":[{"variables":{"references":["aws_s3_bucket.backup.bucket","aws_s3_bucket.backup","aws_kms_key.backup.arn","aws_kms_key.backup"]}}],"filename":{"references":["var.lambda_zip_path"]},"function_name":{"references":["var.lambda_function_name"]},"handler":{"references":["var.lambda_handler"]},"memory_size":{"references":["var.lambda_memory_size"]},"role":{"references":["aws_iam_role.lambda_exec.arn","aws_iam_role.lambda_exec"]},"runtime":{"references":["var.lambda_runtime"]},"source_code_hash":{"references":["var.lambda_zip_path"]},"timeout":{"references":["var.lambda_timeout"]}},"schema_version":0,"depends_on":["aws_cloudwatch_log_group.lambda"]},{"address":"aws_lambda_permission.allow_eventbridge","mode":"managed","type":"aws_lambda_permission","name":"allow_eventbridge","provider_config_key":"aws","expressions":{"action":{"constant_value":"lambda:InvokeFunction"},"function_name":{"references":["aws_lambda_function.ssm_backup.function_name","aws_lambda_function.ssm_backup"]},"principal":{"constant_value":"events.amazonaws.com"},"source_arn":{"references":["aws_cloudwatch_event_rule.daily.arn","aws_cloudwatch_event_rule.daily"]},"statement_id":{"constant_value":"AllowExecutionFromEventBridge"}},"schema_version":0},{"address":"aws_s3_bucket.backup","mode":"managed","type":"aws_s3_bucket","name":"backup","provider_config_key":"aws","expressions":{"bucket_prefix":{"references":["local.name_prefix"]},"force_destroy":{"references":["var.s3_force_destroy"]}},"schema_version":0},{"address":"aws_s3_bucket_lifecycle_configuration.backup","mode":"managed","type":"aws_s3_bucket_lifecycle_configuration","name":"backup","provider_config_key":"aws","expressions":{"bucket":{"references":["aws_s3_bucket.backup.id","aws_s3_bucket.backup"]},"rule":[{"expiration":[{"days":{"references":["var.s3_lifecycle_expiration_days"]}}],"filter":[{"prefix":{"references":["var.s3_backup_prefix"]}}],"id":{"constant_value":"expire-backups"},"noncurrent_version_expiration":[{"noncurrent_days":{"references":["var.s3_lifecycle_expiration_days"]}}],"status":{"constant_value":"Enabled"}}]},"schema_version":1,"count_expression":{"references":["var.s3_lifecycle_expiration_days"]}},{"address":"aws_s3_bucket_ownership_controls.backup","mode":"managed","type":"aws_s3_bucket_ownership_controls","name":"backup","provider_config_key":"aws","expressions":{"bucket":{"references":["aws_s3_bucket.backup.id","aws_s3_bucket.backup"]},"rule":[{"object_ownership":{"constant_value":"BucketOwnerEnforced"}}]},"schema_version":0},{"address":"aws_s3_bucket_policy.backup","mode":"managed","type":"aws_s3_bucket_policy","name":"backup","provider_config_key":"aws","expressions":{"bucket":{"references":["aws_s3_bucket.backup.id","aws_s3_bucket.backup"]},"policy":{"references":["aws_s3_bucket.backup.arn","aws_s3_bucket.backup","aws_s3_bucket.backup.arn","aws_s3_bucket.backup","aws_kms_key.backup.arn","aws_kms_key.backup"]}},"schema_version":0,"depends_on":["aws_s3_bucket_public_access_block.backup"]},{"address":"aws_s3_bucket_public_access_block.backup","mode":"managed","type":"aws_s3_bucket_public_access_block","name":"backup","provider_config_key":"aws","expressions":{"block_public_acls":{"constant_value":true},"block_public_policy":{"constant_value":true},"bucket":{"references":["aws_s3_bucket.backup.id","aws_s3_bucket.backup"]},"ignore_public_acls":{"constant_value":true},"restrict_public_buckets":{"constant_value":true}},"schema_version":0},{"address":"aws_s3_bucket_server_side_encryption_configuration.backup","mode":"managed","type":"aws_s3_bucket_server_side_encryption_configuration","name":"backup","provider_config_key":"aws","expressions":{"bucket":{"references":["aws_s3_bucket.backup.id","aws_s3_bucket.backup"]},"rule":[{"apply_server_side_encryption_by_default":[{"kms_master_key_id":{"references":["aws_kms_key.backup.arn","aws_kms_key.backup"]},"sse_algorithm":{"constant_value":"aws:kms"}}]}]},"schema_version":0},{"address":"aws_s3_bucket_versioning.backup","mode":"managed","type":"aws_s3_bucket_versioning","name":"backup","provider_config_key":"aws","expressions":{"bucket":{"references":["aws_s3_bucket.backup.id","aws_s3_bucket.backup"]},"versioning_configuration":[{"status":{"constant_value":"Enabled"}}]},"schema_version":0},{"address":"data.archive_file.lambda_dummy","mode":"data","type":"archive_file","name":"lambda_dummy","provider_config_key":"archive","expressions":{"output_path":{"references":["local.lambda_dummy_zip"]},"source":[{"content":{"constant_value":"exports.handler = async (event) =\u003e {\n  console.log(\"Dummy lambda invoked\");\n  return { statusCode: 200, body: \"dummy\" };\n};\n"},"filename":{"constant_value":"index.js"}}],"type":{"constant_value":"zip"}},"schema_version":0},{"address":"data.aws_caller_identity.current","mode":"data","type":"aws_caller_identity","name":"current","provider_config_key":"aws","schema_version":0},{"address":"data.aws_partition.current","mode":"data","type":"aws_partition","name":"current","provider_config_key":"aws","schema_version":0},{"address":"data.aws_region.current","mode":"data","type":"aws_region","name":"current","provider_config_key":"aws","schema_version":0}],"variables":{"aws_region":{"description":"AWS region to deploy into."},"environment":{"description":"Environment name (e.g., dev, staging, prod)."},"kms_deletion_window_in_days":{"default":30,"description":"KMS key deletion window in days."},"lambda_function_name":{"default":"ssm_backup","description":"Name of the Lambda function."},"lambda_handler":{"default":"ssm_backup.lambda_handler","description":"Lambda handler."},"lambda_log_retention_days":{"default":30,"description":"CloudWatch Logs retention for the Lambda log group."},"lambda_memory_size":{"default":256,"description":"Lambda memory size in MB."},"lambda_runtime":{"default":"python3.11","description":"Lambda runtime."},"lambda_timeout":{"default":300,"description":"Lambda timeout in seconds."},"lambda_zip_path":{"default":"../ssm_backup.zip","description":"Path to the pre-built Lambda deployment package (zip)."},"namespace":{"description":"Namespace / project name used for resource naming."},"s3_backup_prefix":{"default":"backups/","description":"S3 key prefix where backups are written. Must match the Lambda code (backups/)."},"s3_force_destroy":{"default":false,"description":"Whether to allow Terraform to destroy the bucket even if it contains objects."},"s3_lifecycle_expiration_days":{"default":365,"description":"If set, expire backup objects after this many days. Set to null to disable."},"schedule_expression":{"default":"rate(1 day)","description":"EventBridge schedule expression. Example: rate(1 day) or cron(0 2 * * ? *)."},"tags":{"default":{},"description":"Additional tags to apply to all resources."}}}},"relevant_attributes":[{"resource":"aws_cloudwatch_event_rule.daily","attribute":["arn"]},{"resource":"data.aws_partition.current","attribute":["partition"]},{"resource":"aws_cloudwatch_event_rule.daily","attribute":["name"]},{"resource":"aws_lambda_function.ssm_backup","attribute":["arn"]},{"resource":"aws_iam_role.lambda_exec","attribute":["name"]},{"resource":"data.aws_caller_identity.current","attribute":["account_id"]},{"resource":"aws_s3_bucket.backup","attribute":["id"]},{"resource":"aws_iam_policy.lambda_custom","attribute":["arn"]},{"resource":"aws_kms_key.backup","attribute":["key_id"]},{"resource":"aws_iam_role.lambda_exec","attribute":["arn"]},{"resource":"aws_kms_key.backup","attribute":["arn"]},{"resource":"aws_s3_bucket.backup","attribute":["arn"]},{"resource":"aws_s3_bucket.backup","attribute":["bucket"]},{"resource":"aws_lambda_function.ssm_backup","attribute":["function_name"]}],"timestamp":"2026-01-26T23:57:04Z","applyable":true,"complete":true,"errored":false}
