{"format_version":"1.2","terraform_version":"1.13.5","planned_values":{"root_module":{"resources":[{"address":"aws_elastic_beanstalk_application.dash_app","mode":"managed","type":"aws_elastic_beanstalk_application","name":"dash_app","provider_name":"registry.terraform.io/hashicorp/aws","schema_version":0,"values":{"appversion_lifecycle":[],"description":"Simple Dash Plotly app","name":"dash-app","region":"eu-west-2","tags":null},"sensitive_values":{"appversion_lifecycle":[],"tags_all":{}}},{"address":"aws_elastic_beanstalk_environment.dash_app_env","mode":"managed","type":"aws_elastic_beanstalk_environment","name":"dash_app_env","provider_name":"registry.terraform.io/hashicorp/aws","schema_version":1,"values":{"application":"dash-app","description":null,"name":"dash-app-env","poll_interval":null,"region":"eu-west-2","setting":[{"name":"IamInstanceProfile","namespace":"aws:autoscaling:launchconfiguration","resource":"","value":"dash-instance-profile"},{"name":"MaxSize","namespace":"aws:autoscaling:asg","resource":"","value":"3"},{"name":"MinSize","namespace":"aws:autoscaling:asg","resource":"","value":"1"}],"solution_stack_name":"64bit Amazon Linux 2023 v4.0.7 running Python 3.11","tags":null,"template_name":null,"tier":"WebServer","wait_for_ready_timeout":"20m"},"sensitive_values":{"all_settings":[],"autoscaling_groups":[],"instances":[],"launch_configurations":[],"load_balancers":[],"queues":[],"setting":[{},{},{}],"tags_all":{},"triggers":[]}},{"address":"aws_iam_instance_profile.instance_profile","mode":"managed","type":"aws_iam_instance_profile","name":"instance_profile","provider_name":"registry.terraform.io/hashicorp/aws","schema_version":0,"values":{"name":"dash-instance-profile","path":"/","role":"dash-eb-role","tags":null},"sensitive_values":{"tags_all":{}}},{"address":"aws_iam_role.role","mode":"managed","type":"aws_iam_role","name":"role","provider_name":"registry.terraform.io/hashicorp/aws","schema_version":0,"values":{"assume_role_policy":"{\"Statement\":[{\"Action\":\"sts:AssumeRole\",\"Effect\":\"Allow\",\"Principal\":{\"Service\":\"ec2.amazonaws.com\"},\"Sid\":\"\"}],\"Version\":\"2012-10-17\"}","description":null,"force_detach_policies":false,"max_session_duration":3600,"name":"dash-eb-role","path":"/","permissions_boundary":null,"tags":null},"sensitive_values":{"inline_policy":[],"managed_policy_arns":[],"tags_all":{}},"identity_schema_version":0,"identity":{"account_id":null,"name":null}}]}},"resource_changes":[{"address":"aws_elastic_beanstalk_application.dash_app","mode":"managed","type":"aws_elastic_beanstalk_application","name":"dash_app","provider_name":"registry.terraform.io/hashicorp/aws","change":{"actions":["create"],"before":null,"after":{"appversion_lifecycle":[],"description":"Simple Dash Plotly app","name":"dash-app","region":"eu-west-2","tags":null},"after_unknown":{"appversion_lifecycle":[],"arn":true,"id":true,"tags_all":true},"before_sensitive":false,"after_sensitive":{"appversion_lifecycle":[],"tags_all":{}}}},{"address":"aws_elastic_beanstalk_environment.dash_app_env","mode":"managed","type":"aws_elastic_beanstalk_environment","name":"dash_app_env","provider_name":"registry.terraform.io/hashicorp/aws","change":{"actions":["create"],"before":null,"after":{"application":"dash-app","description":null,"name":"dash-app-env","poll_interval":null,"region":"eu-west-2","setting":[{"name":"IamInstanceProfile","namespace":"aws:autoscaling:launchconfiguration","resource":"","value":"dash-instance-profile"},{"name":"MaxSize","namespace":"aws:autoscaling:asg","resource":"","value":"3"},{"name":"MinSize","namespace":"aws:autoscaling:asg","resource":"","value":"1"}],"solution_stack_name":"64bit Amazon Linux 2023 v4.0.7 running Python 3.11","tags":null,"template_name":null,"tier":"WebServer","wait_for_ready_timeout":"20m"},"after_unknown":{"all_settings":true,"arn":true,"autoscaling_groups":true,"cname":true,"cname_prefix":true,"endpoint_url":true,"id":true,"instances":true,"launch_configurations":true,"load_balancers":true,"platform_arn":true,"queues":true,"setting":[{},{},{}],"tags_all":true,"triggers":true,"version_label":true},"before_sensitive":false,"after_sensitive":{"all_settings":[],"autoscaling_groups":[],"instances":[],"launch_configurations":[],"load_balancers":[],"queues":[],"setting":[{},{},{}],"tags_all":{},"triggers":[]}}},{"address":"aws_iam_instance_profile.instance_profile","mode":"managed","type":"aws_iam_instance_profile","name":"instance_profile","provider_name":"registry.terraform.io/hashicorp/aws","change":{"actions":["create"],"before":null,"after":{"name":"dash-instance-profile","path":"/","role":"dash-eb-role","tags":null},"after_unknown":{"arn":true,"create_date":true,"id":true,"name_prefix":true,"tags_all":true,"unique_id":true},"before_sensitive":false,"after_sensitive":{"tags_all":{}}}},{"address":"aws_iam_role.role","mode":"managed","type":"aws_iam_role","name":"role","provider_name":"registry.terraform.io/hashicorp/aws","change":{"actions":["create"],"before":null,"after":{"assume_role_policy":"{\"Statement\":[{\"Action\":\"sts:AssumeRole\",\"Effect\":\"Allow\",\"Principal\":{\"Service\":\"ec2.amazonaws.com\"},\"Sid\":\"\"}],\"Version\":\"2012-10-17\"}","description":null,"force_detach_policies":false,"max_session_duration":3600,"name":"dash-eb-role","path":"/","permissions_boundary":null,"tags":null},"after_unknown":{"arn":true,"create_date":true,"id":true,"inline_policy":true,"managed_policy_arns":true,"name_prefix":true,"tags_all":true,"unique_id":true},"before_sensitive":false,"after_sensitive":{"inline_policy":[],"managed_policy_arns":[],"tags_all":{}},"after_identity":{"account_id":null,"name":null}}}],"configuration":{"provider_config":{"archive":{"name":"archive","full_name":"registry.terraform.io/hashicorp/archive","version_constraint":"\u003e= 2.0.0"},"aws":{"name":"aws","full_name":"registry.terraform.io/hashicorp/aws","version_constraint":"~\u003e 6.27.0","expressions":{"region":{"constant_value":"eu-west-2"}}}},"root_module":{"resources":[{"address":"aws_elastic_beanstalk_application.dash_app","mode":"managed","type":"aws_elastic_beanstalk_application","name":"dash_app","provider_config_key":"aws","expressions":{"description":{"constant_value":"Simple Dash Plotly app"},"name":{"constant_value":"dash-app"}},"schema_version":0},{"address":"aws_elastic_beanstalk_environment.dash_app_env","mode":"managed","type":"aws_elastic_beanstalk_environment","name":"dash_app_env","provider_config_key":"aws","expressions":{"application":{"references":["aws_elastic_beanstalk_application.dash_app.name","aws_elastic_beanstalk_application.dash_app"]},"name":{"constant_value":"dash-app-env"},"setting":[{"name":{"constant_value":"IamInstanceProfile"},"namespace":{"constant_value":"aws:autoscaling:launchconfiguration"},"value":{"references":["aws_iam_instance_profile.instance_profile.name","aws_iam_instance_profile.instance_profile"]}},{"name":{"constant_value":"MinSize"},"namespace":{"constant_value":"aws:autoscaling:asg"},"value":{"constant_value":"1"}},{"name":{"constant_value":"MaxSize"},"namespace":{"constant_value":"aws:autoscaling:asg"},"value":{"constant_value":"3"}}],"solution_stack_name":{"constant_value":"64bit Amazon Linux 2023 v4.0.7 running Python 3.11"}},"schema_version":1},{"address":"aws_iam_instance_profile.instance_profile","mode":"managed","type":"aws_iam_instance_profile","name":"instance_profile","provider_config_key":"aws","expressions":{"name":{"constant_value":"dash-instance-profile"},"role":{"references":["aws_iam_role.role.name","aws_iam_role.role"]}},"schema_version":0},{"address":"aws_iam_role.role","mode":"managed","type":"aws_iam_role","name":"role","provider_config_key":"aws","expressions":{"assume_role_policy":{"constant_value":"{  \n    \"Version\": \"2012-10-17\",  \n    \"Statement\": [  \n        {  \n        \"Action\": \"sts:AssumeRole\",  \n        \"Principal\": {  \n            \"Service\": \"ec2.amazonaws.com\"  \n        },  \n        \"Effect\": \"Allow\",  \n        \"Sid\": \"\"  \n        }  \n    ]  \n}\n"},"name":{"constant_value":"dash-eb-role"}},"schema_version":0}]}},"relevant_attributes":[{"resource":"aws_elastic_beanstalk_application.dash_app","attribute":["name"]},{"resource":"aws_iam_role.role","attribute":["name"]},{"resource":"aws_iam_instance_profile.instance_profile","attribute":["name"]}],"timestamp":"2026-01-23T13:08:34Z","applyable":true,"complete":true,"errored":false}
