{
  "version": 4,
  "terraform_version": "1.13.5",
  "serial": 1,
  "lineage": "eebb35dd-b878-e0da-eb8a-74becfec3d22",
  "outputs": {},
  "resources": [
    {
      "mode": "managed",
      "type": "random_id",
      "name": "suffix",
      "provider": "provider[\"registry.terraform.io/hashicorp/random\"]",
      "instances": [
        {
          "schema_version": 0,
          "attributes": {
            "b64_std": "PdpztA==",
            "b64_url": "PdpztA",
            "byte_length": 4,
            "dec": "1037726644",
            "hex": "3dda73b4",
            "id": "PdpztA",
            "keepers": null,
            "prefix": null
          },
          "sensitive_attributes": [],
          "identity_schema_version": 0
        }
      ]
    }
  ],
  "check_results": null
}
