data.archive_file.lambda_dummy: Reading...
data.archive_file.lambda_zip: Reading...
data.archive_file.lambda_dummy: Read complete after 0s [id=58e93fade67637870be5af38eff8d5aa66c7da49]
data.aws_caller_identity.current: Reading...
data.aws_region.current: Reading...
data.aws_region.current: Read complete after 0s [id=ap-south-1]
data.aws_caller_identity.current: Read complete after 0s [id=000000000000]

Terraform used the selected providers to generate the following execution
plan. Resource actions are indicated with the following symbols:
  + create

Terraform planned the following actions, but then encountered a problem:

  # aws_apigatewayv2_api.http will be created
  + resource "aws_apigatewayv2_api" "http" {
      + api_endpoint                 = (known after apply)
      + api_key_selection_expression = "$request.header.x-api-key"
      + arn                          = (known after apply)
      + execution_arn                = (known after apply)
      + id                           = (known after apply)
      + ip_address_type              = (known after apply)
      + name                         = "lambda-api-http-api"
      + protocol_type                = "HTTP"
      + region                       = "ap-south-1"
      + route_selection_expression   = "$request.method $request.path"
      + tags_all                     = {
          + "App" = "lambda-api"
        }
    }

  # aws_apigatewayv2_stage.v1 will be created
  + resource "aws_apigatewayv2_stage" "v1" {
      + api_id        = (known after apply)
      + arn           = (known after apply)
      + auto_deploy   = true
      + deployment_id = (known after apply)
      + execution_arn = (known after apply)
      + id            = (known after apply)
      + invoke_url    = (known after apply)
      + name          = "v1"
      + region        = "ap-south-1"
      + tags_all      = {
          + "App" = "lambda-api"
        }
    }

  # aws_cloudwatch_log_group.lambda will be created
  + resource "aws_cloudwatch_log_group" "lambda" {
      + arn                         = (known after apply)
      + deletion_protection_enabled = (known after apply)
      + id                          = (known after apply)
      + log_group_class             = (known after apply)
      + name                        = "/aws/lambda/lambda-api"
      + name_prefix                 = (known after apply)
      + region                      = "ap-south-1"
      + retention_in_days           = 7
      + skip_destroy                = false
      + tags_all                    = {
          + "App" = "lambda-api"
        }
    }

  # aws_iam_role.lambda will be created
  + resource "aws_iam_role" "lambda" {
      + arn                   = (known after apply)
      + assume_role_policy    = jsonencode(
            {
              + Statement = [
                  + {
                      + Action    = "sts:AssumeRole"
                      + Effect    = "Allow"
                      + Principal = {
                          + Service = "lambda.amazonaws.com"
                        }
                    },
                ]
              + Version   = "2012-10-17"
            }
        )
      + create_date           = (known after apply)
      + force_detach_policies = false
      + id                    = (known after apply)
      + managed_policy_arns   = (known after apply)
      + max_session_duration  = 3600
      + name                  = "lambda-api-lambda-role"
      + name_prefix           = (known after apply)
      + path                  = "/"
      + tags_all              = {
          + "App" = "lambda-api"
        }
      + unique_id             = (known after apply)

      + inline_policy (known after apply)
    }

  # aws_iam_role_policy.lambda will be created
  + resource "aws_iam_role_policy" "lambda" {
      + id          = (known after apply)
      + name        = "lambda-api-lambda-policy"
      + name_prefix = (known after apply)
      + policy      = (known after apply)
      + role        = (known after apply)
    }

  # aws_s3_bucket.app will be created
  + resource "aws_s3_bucket" "app" {
      + acceleration_status         = (known after apply)
      + acl                         = (known after apply)
      + arn                         = (known after apply)
      + bucket                      = "lambda-api-000000000000-ap-south-1"
      + bucket_domain_name          = (known after apply)
      + bucket_prefix               = (known after apply)
      + bucket_region               = (known after apply)
      + bucket_regional_domain_name = (known after apply)
      + force_destroy               = true
      + hosted_zone_id              = (known after apply)
      + id                          = (known after apply)
      + object_lock_enabled         = (known after apply)
      + policy                      = (known after apply)
      + region                      = "ap-south-1"
      + request_payer               = (known after apply)
      + tags_all                    = {
          + "App" = "lambda-api"
        }
      + website_domain              = (known after apply)
      + website_endpoint            = (known after apply)

      + cors_rule (known after apply)

      + grant (known after apply)

      + lifecycle_rule (known after apply)

      + logging (known after apply)

      + object_lock_configuration (known after apply)

      + replication_configuration (known after apply)

      + server_side_encryption_configuration (known after apply)

      + versioning (known after apply)

      + website (known after apply)
    }

Plan: 6 to add, 0 to change, 0 to destroy.

Changes to Outputs:
  + api_base_url = (known after apply)
  + api_route    = (known after apply)
  + bucket_name  = "lambda-api-000000000000-ap-south-1"

Warning: Deprecated attribute

  on main.tf line 10, in resource "aws_s3_bucket" "app":
  10:   bucket        = coalesce(var.bucket_name, "${local.name_prefix}-${data.aws_caller_identity.current.account_id}-${data.aws_region.current.name}")

The attribute "name" is deprecated. Refer to the provider documentation for
details.
