{
  "version": 4,
  "terraform_version": "1.13.5",
  "serial": 1,
  "lineage": "5c16c222-3ede-d748-8eac-a53651af385c",
  "outputs": {},
  "resources": [
    {
      "mode": "managed",
      "type": "random_id",
      "name": "suffix",
      "provider": "provider[\"registry.terraform.io/hashicorp/random\"]",
      "instances": [
        {
          "schema_version": 0,
          "attributes": {
            "b64_std": "3QbpJA==",
            "b64_url": "3QbpJA",
            "byte_length": 4,
            "dec": "3708217636",
            "hex": "dd06e924",
            "id": "3QbpJA",
            "keepers": null,
            "prefix": null
          },
          "sensitive_attributes": [],
          "identity_schema_version": 0
        }
      ]
    }
  ],
  "check_results": null
}
