{"format_version":"1.2","terraform_version":"1.13.5","variables":{"app_name":{"value":"iac-starter-kit"},"aws_region":{"value":"us-east-1"},"create_lock_table":{"value":true},"create_state_bucket":{"value":true},"state_bucket_name":{"value":null}},"planned_values":{"outputs":{"aws_region":{"sensitive":false,"type":"string","value":"us-east-1"},"lock_table_name":{"sensitive":false,"type":"string","value":"iac-starter-kit-terraform-locks"},"state_bucket_name":{"sensitive":false,"type":"string","value":"iac-starter-kit-000000000000-us-east-1-tfstate"}},"root_module":{"resources":[{"address":"aws_dynamodb_table.tf_locks[0]","mode":"managed","type":"aws_dynamodb_table","name":"tf_locks","index":0,"provider_name":"registry.terraform.io/hashicorp/aws","schema_version":1,"values":{"attribute":[{"name":"LockID","type":"S"}],"billing_mode":"PAY_PER_REQUEST","deletion_protection_enabled":null,"hash_key":"LockID","import_table":[],"local_secondary_index":[],"name":"iac-starter-kit-terraform-locks","on_demand_throughput":[],"range_key":null,"region":"us-east-1","replica":[],"restore_date_time":null,"restore_source_name":null,"restore_source_table_arn":null,"restore_to_latest_time":null,"stream_enabled":null,"table_class":null,"tags":null,"tags_all":{"ManagedBy":"terraform","Project":"iac-starter-kit"},"timeouts":null},"sensitive_values":{"attribute":[{}],"global_secondary_index":[],"global_table_witness":[],"import_table":[],"local_secondary_index":[],"on_demand_throughput":[],"point_in_time_recovery":[],"replica":[],"server_side_encryption":[],"tags_all":{},"ttl":[],"warm_throughput":[]}},{"address":"aws_s3_bucket.tf_state[0]","mode":"managed","type":"aws_s3_bucket","name":"tf_state","index":0,"provider_name":"registry.terraform.io/hashicorp/aws","schema_version":0,"values":{"bucket":"iac-starter-kit-000000000000-us-east-1-tfstate","force_destroy":false,"region":"us-east-1","tags":null,"tags_all":{"ManagedBy":"terraform","Project":"iac-starter-kit"},"timeouts":null},"sensitive_values":{"cors_rule":[],"grant":[],"lifecycle_rule":[],"logging":[],"object_lock_configuration":[],"replication_configuration":[],"server_side_encryption_configuration":[],"tags_all":{},"versioning":[],"website":[]},"identity_schema_version":0,"identity":{"account_id":null,"bucket":null,"region":null}},{"address":"aws_s3_bucket_public_access_block.tf_state[0]","mode":"managed","type":"aws_s3_bucket_public_access_block","name":"tf_state","index":0,"provider_name":"registry.terraform.io/hashicorp/aws","schema_version":0,"values":{"block_public_acls":true,"block_public_policy":true,"ignore_public_acls":true,"region":"us-east-1","restrict_public_buckets":true,"skip_destroy":null},"sensitive_values":{},"identity_schema_version":0,"identity":{"account_id":null,"bucket":null,"region":null}},{"address":"aws_s3_bucket_server_side_encryption_configuration.tf_state[0]","mode":"managed","type":"aws_s3_bucket_server_side_encryption_configuration","name":"tf_state","index":0,"provider_name":"registry.terraform.io/hashicorp/aws","schema_version":0,"values":{"expected_bucket_owner":null,"region":"us-east-1","rule":[{"apply_server_side_encryption_by_default":[{"kms_master_key_id":"","sse_algorithm":"AES256"}],"blocked_encryption_types":[],"bucket_key_enabled":null}]},"sensitive_values":{"rule":[{"apply_server_side_encryption_by_default":[{}],"blocked_encryption_types":[]}]},"identity_schema_version":0,"identity":{"account_id":null,"bucket":null,"expected_bucket_owner":null,"region":null}},{"address":"aws_s3_bucket_versioning.tf_state[0]","mode":"managed","type":"aws_s3_bucket_versioning","name":"tf_state","index":0,"provider_name":"registry.terraform.io/hashicorp/aws","schema_version":0,"values":{"expected_bucket_owner":null,"mfa":null,"region":"us-east-1","versioning_configuration":[{"status":"Enabled"}]},"sensitive_values":{"versioning_configuration":[{}]},"identity_schema_version":0,"identity":{"account_id":null,"bucket":null,"expected_bucket_owner":null,"region":null}}]}},"resource_changes":[{"address":"aws_dynamodb_table.tf_locks[0]","mode":"managed","type":"aws_dynamodb_table","name":"tf_locks","index":0,"provider_name":"registry.terraform.io/hashicorp/aws","change":{"actions":["create"],"before":null,"after":{"attribute":[{"name":"LockID","type":"S"}],"billing_mode":"PAY_PER_REQUEST","deletion_protection_enabled":null,"hash_key":"LockID","import_table":[],"local_secondary_index":[],"name":"iac-starter-kit-terraform-locks","on_demand_throughput":[],"range_key":null,"region":"us-east-1","replica":[],"restore_date_time":null,"restore_source_name":null,"restore_source_table_arn":null,"restore_to_latest_time":null,"stream_enabled":null,"table_class":null,"tags":null,"tags_all":{"ManagedBy":"terraform","Project":"iac-starter-kit"},"timeouts":null},"after_unknown":{"arn":true,"attribute":[{}],"global_secondary_index":true,"global_table_witness":true,"id":true,"import_table":[],"local_secondary_index":[],"on_demand_throughput":[],"point_in_time_recovery":true,"read_capacity":true,"replica":[],"server_side_encryption":true,"stream_arn":true,"stream_label":true,"stream_view_type":true,"tags_all":{},"ttl":true,"warm_throughput":true,"write_capacity":true},"before_sensitive":false,"after_sensitive":{"attribute":[{}],"global_secondary_index":[],"global_table_witness":[],"import_table":[],"local_secondary_index":[],"on_demand_throughput":[],"point_in_time_recovery":[],"replica":[],"server_side_encryption":[],"tags_all":{},"ttl":[],"warm_throughput":[]}}},{"address":"aws_s3_bucket.tf_state[0]","mode":"managed","type":"aws_s3_bucket","name":"tf_state","index":0,"provider_name":"registry.terraform.io/hashicorp/aws","change":{"actions":["create"],"before":null,"after":{"bucket":"iac-starter-kit-000000000000-us-east-1-tfstate","force_destroy":false,"region":"us-east-1","tags":null,"tags_all":{"ManagedBy":"terraform","Project":"iac-starter-kit"},"timeouts":null},"after_unknown":{"acceleration_status":true,"acl":true,"arn":true,"bucket_domain_name":true,"bucket_prefix":true,"bucket_region":true,"bucket_regional_domain_name":true,"cors_rule":true,"grant":true,"hosted_zone_id":true,"id":true,"lifecycle_rule":true,"logging":true,"object_lock_configuration":true,"object_lock_enabled":true,"policy":true,"replication_configuration":true,"request_payer":true,"server_side_encryption_configuration":true,"tags_all":{},"versioning":true,"website":true,"website_domain":true,"website_endpoint":true},"before_sensitive":false,"after_sensitive":{"cors_rule":[],"grant":[],"lifecycle_rule":[],"logging":[],"object_lock_configuration":[],"replication_configuration":[],"server_side_encryption_configuration":[],"tags_all":{},"versioning":[],"website":[]},"after_identity":{"account_id":null,"bucket":null,"region":null}}},{"address":"aws_s3_bucket_public_access_block.tf_state[0]","mode":"managed","type":"aws_s3_bucket_public_access_block","name":"tf_state","index":0,"provider_name":"registry.terraform.io/hashicorp/aws","change":{"actions":["create"],"before":null,"after":{"block_public_acls":true,"block_public_policy":true,"ignore_public_acls":true,"region":"us-east-1","restrict_public_buckets":true,"skip_destroy":null},"after_unknown":{"bucket":true,"id":true},"before_sensitive":false,"after_sensitive":{},"after_identity":{"account_id":null,"bucket":null,"region":null}}},{"address":"aws_s3_bucket_server_side_encryption_configuration.tf_state[0]","mode":"managed","type":"aws_s3_bucket_server_side_encryption_configuration","name":"tf_state","index":0,"provider_name":"registry.terraform.io/hashicorp/aws","change":{"actions":["create"],"before":null,"after":{"expected_bucket_owner":null,"region":"us-east-1","rule":[{"apply_server_side_encryption_by_default":[{"kms_master_key_id":"","sse_algorithm":"AES256"}],"blocked_encryption_types":[],"bucket_key_enabled":null}]},"after_unknown":{"bucket":true,"id":true,"rule":[{"apply_server_side_encryption_by_default":[{}],"blocked_encryption_types":[]}]},"before_sensitive":false,"after_sensitive":{"rule":[{"apply_server_side_encryption_by_default":[{}],"blocked_encryption_types":[]}]},"after_identity":{"account_id":null,"bucket":null,"expected_bucket_owner":null,"region":null}}},{"address":"aws_s3_bucket_versioning.tf_state[0]","mode":"managed","type":"aws_s3_bucket_versioning","name":"tf_state","index":0,"provider_name":"registry.terraform.io/hashicorp/aws","change":{"actions":["create"],"before":null,"after":{"expected_bucket_owner":null,"mfa":null,"region":"us-east-1","versioning_configuration":[{"status":"Enabled"}]},"after_unknown":{"bucket":true,"id":true,"versioning_configuration":[{"mfa_delete":true}]},"before_sensitive":false,"after_sensitive":{"versioning_configuration":[{}]},"after_identity":{"account_id":null,"bucket":null,"expected_bucket_owner":null,"region":null}}}],"output_changes":{"aws_region":{"actions":["create"],"before":null,"after":"us-east-1","after_unknown":false,"before_sensitive":false,"after_sensitive":false},"lock_table_name":{"actions":["create"],"before":null,"after":"iac-starter-kit-terraform-locks","after_unknown":false,"before_sensitive":false,"after_sensitive":false},"state_bucket_name":{"actions":["create"],"before":null,"after":"iac-starter-kit-000000000000-us-east-1-tfstate","after_unknown":false,"before_sensitive":false,"after_sensitive":false}},"prior_state":{"format_version":"1.0","terraform_version":"1.13.5","values":{"outputs":{"aws_region":{"sensitive":false,"value":"us-east-1","type":"string"},"lock_table_name":{"sensitive":false,"value":"iac-starter-kit-terraform-locks","type":"string"},"state_bucket_name":{"sensitive":false,"value":"iac-starter-kit-000000000000-us-east-1-tfstate","type":"string"}},"root_module":{"resources":[{"address":"data.aws_caller_identity.current","mode":"data","type":"aws_caller_identity","name":"current","provider_name":"registry.terraform.io/hashicorp/aws","schema_version":0,"values":{"account_id":"000000000000","arn":"arn:aws:iam::000000000000:root","id":"000000000000","user_id":"AKIAIOSFODNN7EXAMPLE"},"sensitive_values":{}},{"address":"data.aws_region.current","mode":"data","type":"aws_region","name":"current","provider_name":"registry.terraform.io/hashicorp/aws","schema_version":0,"values":{"description":"US East (N. Virginia)","endpoint":"ec2.us-east-1.amazonaws.com","id":"us-east-1","name":"us-east-1","region":"us-east-1"},"sensitive_values":{}}]}}},"configuration":{"provider_config":{"aws":{"name":"aws","full_name":"registry.terraform.io/hashicorp/aws","version_constraint":"~\u003e 6.0","expressions":{"default_tags":[{"tags":{"references":["var.app_name"]}}],"region":{"references":["var.aws_region"]}}}},"root_module":{"outputs":{"aws_region":{"expression":{"references":["var.aws_region"]},"description":"AWS region in use."},"lock_table_name":{"expression":{"references":["var.create_lock_table","aws_dynamodb_table.tf_locks[0].name","aws_dynamodb_table.tf_locks[0]","aws_dynamodb_table.tf_locks"]},"description":"Name of the DynamoDB table created for Terraform state locking (if enabled)."},"state_bucket_name":{"expression":{"references":["var.create_state_bucket","aws_s3_bucket.tf_state[0].bucket","aws_s3_bucket.tf_state[0]","aws_s3_bucket.tf_state"]},"description":"Name of the S3 bucket created for Terraform state (if enabled)."}},"resources":[{"address":"aws_dynamodb_table.tf_locks","mode":"managed","type":"aws_dynamodb_table","name":"tf_locks","provider_config_key":"aws","expressions":{"attribute":[{"name":{"constant_value":"LockID"},"type":{"constant_value":"S"}}],"billing_mode":{"constant_value":"PAY_PER_REQUEST"},"hash_key":{"constant_value":"LockID"},"name":{"references":["var.app_name"]}},"schema_version":1,"count_expression":{"references":["var.create_lock_table"]}},{"address":"aws_s3_bucket.tf_state","mode":"managed","type":"aws_s3_bucket","name":"tf_state","provider_config_key":"aws","expressions":{"bucket":{"references":["local.state_bucket_name"]}},"schema_version":0,"count_expression":{"references":["var.create_state_bucket"]}},{"address":"aws_s3_bucket_public_access_block.tf_state","mode":"managed","type":"aws_s3_bucket_public_access_block","name":"tf_state","provider_config_key":"aws","expressions":{"block_public_acls":{"constant_value":true},"block_public_policy":{"constant_value":true},"bucket":{"references":["aws_s3_bucket.tf_state[0].id","aws_s3_bucket.tf_state[0]","aws_s3_bucket.tf_state"]},"ignore_public_acls":{"constant_value":true},"restrict_public_buckets":{"constant_value":true}},"schema_version":0,"count_expression":{"references":["var.create_state_bucket"]}},{"address":"aws_s3_bucket_server_side_encryption_configuration.tf_state","mode":"managed","type":"aws_s3_bucket_server_side_encryption_configuration","name":"tf_state","provider_config_key":"aws","expressions":{"bucket":{"references":["aws_s3_bucket.tf_state[0].id","aws_s3_bucket.tf_state[0]","aws_s3_bucket.tf_state"]},"rule":[{"apply_server_side_encryption_by_default":[{"sse_algorithm":{"constant_value":"AES256"}}]}]},"schema_version":0,"count_expression":{"references":["var.create_state_bucket"]}},{"address":"aws_s3_bucket_versioning.tf_state","mode":"managed","type":"aws_s3_bucket_versioning","name":"tf_state","provider_config_key":"aws","expressions":{"bucket":{"references":["aws_s3_bucket.tf_state[0].id","aws_s3_bucket.tf_state[0]","aws_s3_bucket.tf_state"]},"versioning_configuration":[{"status":{"constant_value":"Enabled"}}]},"schema_version":0,"count_expression":{"references":["var.create_state_bucket"]}},{"address":"data.aws_caller_identity.current","mode":"data","type":"aws_caller_identity","name":"current","provider_config_key":"aws","schema_version":0},{"address":"data.aws_region.current","mode":"data","type":"aws_region","name":"current","provider_config_key":"aws","schema_version":0}],"variables":{"app_name":{"default":"iac-starter-kit","description":"A short name used to namespace resources."},"aws_region":{"default":"us-east-1","description":"AWS region to deploy into."},"create_lock_table":{"default":true,"description":"Whether to create a DynamoDB table suitable for Terraform state locking."},"create_state_bucket":{"default":true,"description":"Whether to create an S3 bucket suitable for Terraform remote state."},"state_bucket_name":{"default":null,"description":"Optional explicit name for the S3 bucket used for Terraform remote state (if you choose to use it). Must be globally unique."}}}},"relevant_attributes":[{"resource":"data.aws_caller_identity.current","attribute":["account_id"]},{"resource":"aws_dynamodb_table.tf_locks[0]","attribute":["name"]},{"resource":"aws_s3_bucket.tf_state[0]","attribute":["bucket"]},{"resource":"aws_s3_bucket.tf_state[0]","attribute":["id"]}],"timestamp":"2026-01-26T21:26:34Z","applyable":true,"complete":true,"errored":false}
