{"format_version":"1.2","terraform_version":"1.13.5","variables":{"aiven_api_token":{"value":"536144126"},"allowed_ips":{"value":[]},"kafka_version":{"value":"3.2"},"project_name":{"value":"dbeech-demo"},"service_cloud":{"value":"google-europe-west2"},"service_cloud_alt":{"value":"google-europe-west2"},"service_cloud_flink":{"value":"google-europe-west2"},"service_name_prefix":{"value":"bigdataldn-demo"},"service_plan_clickhouse":{"value":"startup-beta-8"},"service_plan_flink":{"value":"business-8"},"service_plan_grafana":{"value":"startup-4"},"service_plan_kafka":{"value":"business-4"},"service_plan_kafka_connect":{"value":"business-8"},"service_plan_m3db":{"value":"startup-8"},"service_plan_opensearch":{"value":"startup-4"},"service_plan_pg":{"value":"startup-4"}},"planned_values":{"root_module":{"resources":[{"address":"aiven_clickhouse.demo-clickhouse","mode":"managed","type":"aiven_clickhouse","name":"demo-clickhouse","provider_name":"registry.terraform.io/aiven/aiven","schema_version":0,"values":{"additional_disk_space":null,"clickhouse_user_config":[],"cloud_name":"google-europe-west2","disk_space":null,"maintenance_window_dow":null,"maintenance_window_time":null,"plan":"startup-beta-8","project":"dbeech-demo","project_vpc_id":null,"service_integrations":[],"service_name":"bigdataldn-demo-clickhouse","service_type":"clickhouse","static_ips":null,"tag":[],"termination_protection":null,"timeouts":null},"sensitive_values":{"clickhouse":[],"clickhouse_user_config":[],"components":[],"service_integrations":[],"service_password":true,"service_uri":true,"tag":[]}},{"address":"aiven_flink.demo-flink","mode":"managed","type":"aiven_flink","name":"demo-flink","provider_name":"registry.terraform.io/aiven/aiven","schema_version":0,"values":{"additional_disk_space":null,"cloud_name":"google-europe-west2","disk_space":null,"flink_user_config":[{"execution_checkpointing_interval_ms":null,"execution_checkpointing_timeout_ms":null,"flink_version":null,"ip_filter":null,"number_of_task_slots":null,"parallelism_default":"3","privatelink_access":[],"restart_strategy":null,"restart_strategy_delay_sec":null,"restart_strategy_failure_rate_interval_min":null,"restart_strategy_max_failures":null}],"maintenance_window_dow":null,"maintenance_window_time":null,"plan":"business-8","project":"dbeech-demo","project_vpc_id":null,"service_integrations":[],"service_name":"bigdataldn-demo-flink","service_type":"flink","static_ips":null,"tag":[],"termination_protection":true,"timeouts":null},"sensitive_values":{"components":[],"flink":[],"flink_user_config":[{"privatelink_access":[]}],"service_integrations":[],"service_password":true,"service_uri":true,"tag":[]}},{"address":"aiven_flink_job.demo-flink-job-digitransit-hfp-bus-position-flattening","mode":"managed","type":"aiven_flink_job","name":"demo-flink-job-digitransit-hfp-bus-position-flattening","provider_name":"registry.terraform.io/aiven/aiven","schema_version":0,"values":{"job_name":"digitransit_hfp_bus_positions_flatten","project":"dbeech-demo","service_name":"bigdataldn-demo-flink","statement":"    INSERT INTO digitransit_hfp_bus_positions_flattened\n    SELECT\n      VP.`desi`,\n      VP.`dir`,\n      VP.`oper`,\n      operators.`name`,\n      VP.`veh`,\n      VP.`tst`,\n      VP.`tsi`,\n      VP.`spd`,\n      VP.`hdg`,\n      VP.`lat`,\n      VP.`long`,\n      VP.`acc`,\n      VP.`dl`,\n      VP.`drst`,\n      VP.`oday`,\n      VP.`start`,\n      VP.`loc`,\n      VP.`stop`,\n      VP.`route`,\n      VP.`occu`\n    FROM digitransit_hfp_bus_positions_raw positions\n    INNER JOIN digitransit_operators operators\n    ON positions.VP.`oper` = operators.`id`\n","timeouts":null},"sensitive_values":{"table_ids":[]}},{"address":"aiven_flink_table.demo-flink-table-digitransit-hfp-bus-positions-flattened","mode":"managed","type":"aiven_flink_table","name":"demo-flink-table-digitransit-hfp-bus-positions-flattened","provider_name":"registry.terraform.io/aiven/aiven","schema_version":0,"values":{"jdbc_table":null,"kafka_connector_type":"kafka","kafka_key_fields":null,"kafka_key_format":null,"kafka_startup_mode":"latest-offset","kafka_topic":"digitransit-hfp-bus-positions-flattened","kafka_value_fields_include":null,"kafka_value_format":"json","like_options":null,"opensearch_index":null,"project":"dbeech-demo","schema_sql":"    `desi` STRING,\n    `dir` STRING,\n    `oper` INT,\n    `oper_name` STRING,\n    `veh` INT,\n    `tst` STRING,\n    `tsi` INT,\n    `spd` FLOAT,\n    `hdg` INT,\n    `lat` FLOAT,\n    `long` FLOAT,\n    `acc` FLOAT,\n    `dl` INT,\n    `drst` INT,\n    `oday` STRING,\n    `start` STRING,\n    `loc` STRING,\n    `stop` STRING,\n    `route` STRING,\n    `occu` INT\n","service_name":"bigdataldn-demo-flink","table_name":"digitransit_hfp_bus_positions_flattened","upsert_kafka":[]},"sensitive_values":{"upsert_kafka":[]}},{"address":"aiven_flink_table.demo-flink-table-digitransit-hfp-bus-positions-raw","mode":"managed","type":"aiven_flink_table","name":"demo-flink-table-digitransit-hfp-bus-positions-raw","provider_name":"registry.terraform.io/aiven/aiven","schema_version":0,"values":{"jdbc_table":null,"kafka_connector_type":"kafka","kafka_key_fields":null,"kafka_key_format":null,"kafka_startup_mode":"latest-offset","kafka_topic":"digitransit-hfp-bus-positions-raw","kafka_value_fields_include":null,"kafka_value_format":"json","like_options":null,"opensearch_index":null,"project":"dbeech-demo","schema_sql":"      `VP` ROW\u003c`desi` STRING,`dir` STRING,`oper` INT,`veh` INT,`tst` STRING,`tsi` INT,`spd` FLOAT,`hdg` INT,`lat` FLOAT,`long` FLOAT,`acc` FLOAT,`dl` INT,`drst` INT,`oday` STRING,`start` STRING,`loc` STRING,`stop` STRING,`route` STRING,`occu` INT\u003e\n","service_name":"bigdataldn-demo-flink","table_name":"digitransit_hfp_bus_positions_raw","upsert_kafka":[]},"sensitive_values":{"upsert_kafka":[]}},{"address":"aiven_flink_table.demo-flink-table-digitransit-operators","mode":"managed","type":"aiven_flink_table","name":"demo-flink-table-digitransit-operators","provider_name":"registry.terraform.io/aiven/aiven","schema_version":0,"values":{"jdbc_table":"public.digitransit_operators","kafka_connector_type":null,"kafka_key_fields":null,"kafka_key_format":null,"kafka_startup_mode":null,"kafka_topic":null,"kafka_value_fields_include":null,"kafka_value_format":null,"like_options":null,"opensearch_index":null,"project":"dbeech-demo","schema_sql":"    `id` INT PRIMARY KEY,\n    `name` STRING NOT NULL\n","service_name":"bigdataldn-demo-flink","table_name":"digitransit_operators","upsert_kafka":[]},"sensitive_values":{"upsert_kafka":[]}},{"address":"aiven_grafana.demo-metrics-dashboard","mode":"managed","type":"aiven_grafana","name":"demo-metrics-dashboard","provider_name":"registry.terraform.io/aiven/aiven","schema_version":0,"values":{"additional_disk_space":null,"cloud_name":"google-europe-west2","disk_space":null,"grafana_user_config":[{"alerting_enabled":null,"alerting_error_or_timeout":null,"alerting_max_annotations_to_keep":null,"alerting_nodata_or_nullvalues":null,"allow_embedding":null,"auth_azuread":[],"auth_basic_enabled":null,"auth_generic_oauth":[],"auth_github":[],"auth_gitlab":[],"auth_google":[],"cookie_samesite":null,"custom_domain":null,"dashboards_min_refresh_interval":null,"dashboards_versions_to_keep":null,"dataproxy_send_user_header":null,"dataproxy_timeout":null,"date_formats":[],"disable_gravatar":null,"editors_can_admin":null,"external_image_storage":[],"google_analytics_ua_id":null,"ip_filter":[],"metrics_enabled":null,"private_access":[],"privatelink_access":[],"project_to_fork_from":null,"public_access":[{"grafana":"true"}],"recovery_basebackup_name":null,"service_to_fork_from":null,"smtp_server":[],"static_ips":null,"user_auto_assign_org":null,"user_auto_assign_org_role":null,"viewers_can_edit":null}],"maintenance_window_dow":null,"maintenance_window_time":null,"plan":"startup-4","project":"dbeech-demo","project_vpc_id":null,"service_integrations":[],"service_name":"bigdataldn-demo-metrics-dashboard","service_type":"grafana","static_ips":null,"tag":[],"termination_protection":null,"timeouts":null},"sensitive_values":{"components":[],"grafana":[],"grafana_user_config":[{"auth_azuread":[],"auth_generic_oauth":[],"auth_github":[],"auth_gitlab":[],"auth_google":[],"date_formats":[],"external_image_storage":[],"ip_filter":[],"private_access":[],"privatelink_access":[],"public_access":[{}],"smtp_server":[]}],"service_integrations":[],"service_password":true,"service_uri":true,"tag":[]}},{"address":"aiven_kafka.demo-kafka","mode":"managed","type":"aiven_kafka","name":"demo-kafka","provider_name":"registry.terraform.io/aiven/aiven","schema_version":0,"values":{"additional_disk_space":null,"cloud_name":"google-europe-west2","default_acl":false,"disk_space":null,"kafka_user_config":[{"custom_domain":null,"ip_filter":[],"kafka":[{"auto_create_topics_enable":"false","compression_type":null,"connections_max_idle_ms":null,"default_replication_factor":null,"group_initial_rebalance_delay_ms":null,"group_max_session_timeout_ms":null,"group_min_session_timeout_ms":null,"log_cleaner_delete_retention_ms":null,"log_cleaner_max_compaction_lag_ms":null,"log_cleaner_min_cleanable_ratio":null,"log_cleaner_min_compaction_lag_ms":null,"log_cleanup_policy":null,"log_flush_interval_messages":null,"log_flush_interval_ms":null,"log_index_interval_bytes":null,"log_index_size_max_bytes":null,"log_message_downconversion_enable":null,"log_message_timestamp_difference_max_ms":null,"log_message_timestamp_type":null,"log_preallocate":null,"log_retention_bytes":null,"log_retention_hours":null,"log_retention_ms":null,"log_roll_jitter_ms":null,"log_roll_ms":null,"log_segment_bytes":null,"log_segment_delete_delay_ms":null,"max_connections_per_ip":null,"max_incremental_fetch_session_cache_slots":null,"message_max_bytes":null,"min_insync_replicas":null,"num_partitions":null,"offsets_retention_minutes":null,"producer_purgatory_purge_interval_requests":null,"replica_fetch_max_bytes":null,"replica_fetch_response_max_bytes":null,"socket_request_max_bytes":null,"transaction_remove_expired_transaction_cleanup_interval_ms":null,"transaction_state_log_segment_bytes":null}],"kafka_authentication_methods":[],"kafka_connect":"false","kafka_connect_config":[],"kafka_rest":"true","kafka_rest_config":[],"kafka_version":"3.2","private_access":[],"privatelink_access":[],"public_access":[{"kafka":"false","kafka_connect":"true","kafka_rest":"false","prometheus":null,"schema_registry":"false"}],"schema_registry":"true","schema_registry_config":[],"static_ips":null}],"karapace":null,"maintenance_window_dow":null,"maintenance_window_time":null,"plan":"business-4","project":"dbeech-demo","project_vpc_id":null,"service_integrations":[],"service_name":"bigdataldn-demo-kafka","service_type":"kafka","static_ips":null,"tag":[],"termination_protection":false,"timeouts":null},"sensitive_values":{"components":[],"kafka":[],"kafka_user_config":[{"ip_filter":[],"kafka":[{}],"kafka_authentication_methods":[],"kafka_connect_config":[],"kafka_rest_config":[],"private_access":[],"privatelink_access":[],"public_access":[{}],"schema_registry_config":[]}],"service_integrations":[],"service_password":true,"service_uri":true,"tag":[]}},{"address":"aiven_kafka_connect.demo-kafka-connect","mode":"managed","type":"aiven_kafka_connect","name":"demo-kafka-connect","provider_name":"registry.terraform.io/aiven/aiven","schema_version":0,"values":{"additional_disk_space":null,"cloud_name":"google-europe-west2","disk_space":null,"kafka_connect_user_config":[{"ip_filter":[],"kafka_connect":[],"private_access":[],"privatelink_access":[],"public_access":[{"kafka_connect":"true","prometheus":"true"}],"static_ips":null}],"maintenance_window_dow":null,"maintenance_window_time":null,"plan":"business-8","project":"dbeech-demo","project_vpc_id":null,"service_integrations":[],"service_name":"bigdataldn-demo-kafka-connect","service_type":"kafka_connect","static_ips":null,"tag":[],"termination_protection":null,"timeouts":null},"sensitive_values":{"components":[],"kafka_connect":[],"kafka_connect_user_config":[{"ip_filter":[],"kafka_connect":[],"private_access":[],"privatelink_access":[],"public_access":[{}]}],"service_integrations":[],"service_password":true,"service_uri":true,"tag":[]}},{"address":"aiven_kafka_topic.demo-kafka-topic-digitransit-hfp-bus-positions-flattened","mode":"managed","type":"aiven_kafka_topic","name":"demo-kafka-topic-digitransit-hfp-bus-positions-flattened","provider_name":"registry.terraform.io/aiven/aiven","schema_version":0,"values":{"config":[{"cleanup_policy":null,"compression_type":null,"delete_retention_ms":null,"file_delete_delay_ms":null,"flush_messages":null,"flush_ms":null,"index_interval_bytes":null,"max_compaction_lag_ms":null,"max_message_bytes":null,"message_downconversion_enable":null,"message_format_version":null,"message_timestamp_difference_max_ms":null,"message_timestamp_type":null,"min_cleanable_dirty_ratio":null,"min_compaction_lag_ms":null,"min_insync_replicas":null,"preallocate":null,"retention_bytes":null,"retention_ms":"1209600000","segment_bytes":null,"segment_index_bytes":null,"segment_jitter_ms":null,"segment_ms":null,"unclean_leader_election_enable":null}],"partitions":3,"project":"dbeech-demo","replication":3,"service_name":"bigdataldn-demo-kafka","tag":[],"termination_protection":false,"timeouts":null,"topic_name":"digitransit-hfp-bus-positions-flattened"},"sensitive_values":{"config":[{}],"tag":[]}},{"address":"aiven_m3db.demo-metrics","mode":"managed","type":"aiven_m3db","name":"demo-metrics","provider_name":"registry.terraform.io/aiven/aiven","schema_version":0,"values":{"additional_disk_space":null,"cloud_name":"google-europe-west2","disk_space":null,"m3db_user_config":[{"custom_domain":null,"ip_filter":[],"limits":[],"m3_version":null,"m3coordinator_enable_graphite_carbon_ingest":null,"m3db_version":"1.5","namespaces":[{"name":"default","options":[{"retention_options":[{"block_data_expiry_duration":null,"blocksize_duration":"2h","buffer_future_duration":null,"buffer_past_duration":null,"retention_period_duration":"8d"}],"snapshot_enabled":null,"writes_to_commitlog":null}],"resolution":null,"type":"unaggregated"}],"private_access":[],"project_to_fork_from":null,"public_access":[],"rules":[],"service_to_fork_from":null,"static_ips":null}],"maintenance_window_dow":null,"maintenance_window_time":null,"plan":"startup-8","project":"dbeech-demo","project_vpc_id":null,"service_integrations":[],"service_name":"bigdataldn-demo-metrics","service_type":"m3db","static_ips":null,"tag":[],"termination_protection":null,"timeouts":null},"sensitive_values":{"components":[],"m3db":[],"m3db_user_config":[{"ip_filter":[],"limits":[],"namespaces":[{"options":[{"retention_options":[{}]}]}],"private_access":[],"public_access":[],"rules":[]}],"service_integrations":[],"service_password":true,"service_uri":true,"tag":[]}},{"address":"aiven_pg.demo-postgres","mode":"managed","type":"aiven_pg","name":"demo-postgres","provider_name":"registry.terraform.io/aiven/aiven","schema_version":0,"values":{"additional_disk_space":null,"cloud_name":"google-europe-west2","disk_space":null,"maintenance_window_dow":null,"maintenance_window_time":null,"pg_user_config":[{"admin_password":null,"admin_username":null,"backup_hour":null,"backup_minute":null,"enable_ipv6":null,"ip_filter":null,"migration":[],"pg":[],"pg_read_replica":null,"pg_service_to_fork_from":null,"pg_stat_monitor_enable":null,"pg_version":"14","pgbouncer":[],"pglookout":[],"private_access":[],"privatelink_access":[],"project_to_fork_from":null,"public_access":[],"recovery_target_time":null,"service_to_fork_from":null,"shared_buffers_percentage":null,"static_ips":null,"synchronous_replication":null,"timescaledb":[],"variant":null,"work_mem":null}],"plan":"startup-4","project":"dbeech-demo","project_vpc_id":null,"service_integrations":[],"service_name":"bigdataldn-demo-postgres","service_type":"pg","static_ips":null,"tag":[],"termination_protection":null,"timeouts":null},"sensitive_values":{"components":[],"pg":[],"pg_user_config":[{"admin_password":true,"migration":[],"pg":[],"pgbouncer":[],"pglookout":[],"private_access":[],"privatelink_access":[],"public_access":[],"timescaledb":[]}],"service_integrations":[],"service_password":true,"service_uri":true,"tag":[]}},{"address":"aiven_service_integration.demo-dashboard-integration","mode":"managed","type":"aiven_service_integration","name":"demo-dashboard-integration","provider_name":"registry.terraform.io/aiven/aiven","schema_version":0,"values":{"destination_endpoint_id":null,"destination_service_name":"bigdataldn-demo-metrics","integration_type":"dashboard","kafka_connect_user_config":[],"kafka_logs_user_config":[],"kafka_mirrormaker_user_config":[],"logs_user_config":[],"metrics_user_config":[],"mirrormaker_user_config":[],"project":"dbeech-demo","source_endpoint_id":null,"source_service_name":"bigdataldn-demo-metrics-dashboard","timeouts":null},"sensitive_values":{"kafka_connect_user_config":[],"kafka_logs_user_config":[],"kafka_mirrormaker_user_config":[],"logs_user_config":[],"metrics_user_config":[],"mirrormaker_user_config":[]}},{"address":"aiven_service_integration.demo-flink-kafka-integration","mode":"managed","type":"aiven_service_integration","name":"demo-flink-kafka-integration","provider_name":"registry.terraform.io/aiven/aiven","schema_version":0,"values":{"destination_endpoint_id":null,"destination_service_name":"bigdataldn-demo-flink","integration_type":"flink","kafka_connect_user_config":[],"kafka_logs_user_config":[],"kafka_mirrormaker_user_config":[],"logs_user_config":[],"metrics_user_config":[],"mirrormaker_user_config":[],"project":"dbeech-demo","source_endpoint_id":null,"source_service_name":"bigdataldn-demo-kafka","timeouts":null},"sensitive_values":{"kafka_connect_user_config":[],"kafka_logs_user_config":[],"kafka_mirrormaker_user_config":[],"logs_user_config":[],"metrics_user_config":[],"mirrormaker_user_config":[]}},{"address":"aiven_service_integration.demo-flink-postgres-integration","mode":"managed","type":"aiven_service_integration","name":"demo-flink-postgres-integration","provider_name":"registry.terraform.io/aiven/aiven","schema_version":0,"values":{"destination_endpoint_id":null,"destination_service_name":"bigdataldn-demo-flink","integration_type":"flink","kafka_connect_user_config":[],"kafka_logs_user_config":[],"kafka_mirrormaker_user_config":[],"logs_user_config":[],"metrics_user_config":[],"mirrormaker_user_config":[],"project":"dbeech-demo","source_endpoint_id":null,"source_service_name":"bigdataldn-demo-postgres","timeouts":null},"sensitive_values":{"kafka_connect_user_config":[],"kafka_logs_user_config":[],"kafka_mirrormaker_user_config":[],"logs_user_config":[],"metrics_user_config":[],"mirrormaker_user_config":[]}},{"address":"aiven_service_integration.demo-kafka-connect-source-integration","mode":"managed","type":"aiven_service_integration","name":"demo-kafka-connect-source-integration","provider_name":"registry.terraform.io/aiven/aiven","schema_version":0,"values":{"destination_endpoint_id":null,"destination_service_name":"bigdataldn-demo-kafka-connect","integration_type":"kafka_connect","kafka_connect_user_config":[],"kafka_logs_user_config":[],"kafka_mirrormaker_user_config":[],"logs_user_config":[],"metrics_user_config":[],"mirrormaker_user_config":[],"project":"dbeech-demo","source_endpoint_id":null,"source_service_name":"bigdataldn-demo-kafka","timeouts":null},"sensitive_values":{"kafka_connect_user_config":[],"kafka_logs_user_config":[],"kafka_mirrormaker_user_config":[],"logs_user_config":[],"metrics_user_config":[],"mirrormaker_user_config":[]}},{"address":"aiven_service_integration.demo-metrics-integration-flink","mode":"managed","type":"aiven_service_integration","name":"demo-metrics-integration-flink","provider_name":"registry.terraform.io/aiven/aiven","schema_version":0,"values":{"destination_endpoint_id":null,"destination_service_name":"bigdataldn-demo-metrics","integration_type":"metrics","kafka_connect_user_config":[],"kafka_logs_user_config":[],"kafka_mirrormaker_user_config":[],"logs_user_config":[],"metrics_user_config":[],"mirrormaker_user_config":[],"project":"dbeech-demo","source_endpoint_id":null,"source_service_name":"bigdataldn-demo-flink","timeouts":null},"sensitive_values":{"kafka_connect_user_config":[],"kafka_logs_user_config":[],"kafka_mirrormaker_user_config":[],"logs_user_config":[],"metrics_user_config":[],"mirrormaker_user_config":[]}},{"address":"aiven_service_integration.demo-metrics-integration-kafka","mode":"managed","type":"aiven_service_integration","name":"demo-metrics-integration-kafka","provider_name":"registry.terraform.io/aiven/aiven","schema_version":0,"values":{"destination_endpoint_id":null,"destination_service_name":"bigdataldn-demo-metrics","integration_type":"metrics","kafka_connect_user_config":[],"kafka_logs_user_config":[],"kafka_mirrormaker_user_config":[],"logs_user_config":[],"metrics_user_config":[],"mirrormaker_user_config":[],"project":"dbeech-demo","source_endpoint_id":null,"source_service_name":"bigdataldn-demo-kafka","timeouts":null},"sensitive_values":{"kafka_connect_user_config":[],"kafka_logs_user_config":[],"kafka_mirrormaker_user_config":[],"logs_user_config":[],"metrics_user_config":[],"mirrormaker_user_config":[]}}],"child_modules":[{"resources":[{"address":"module.digitransit-hfp-bus-positions.aiven_kafka_connector.digitransit-hfp-kafka-connector","mode":"managed","type":"aiven_kafka_connector","name":"digitransit-hfp-kafka-connector","provider_name":"registry.terraform.io/aiven/aiven","schema_version":0,"values":{"config":{"_aiven.restart.on.failure":"true","connect.mqtt.client.id":"digitransit-hfp-bus-positions-raw","connect.mqtt.error.policy":"NOOP","connect.mqtt.hosts":"tcp://mqtt.hsl.fi:1883","connect.mqtt.kcql":"      INSERT INTO digitransit-hfp-bus-positions-raw \n      SELECT * FROM /hfp/v2/journey/ongoing/vp/bus/+/+/+/+/+/+/+/+/+/+/+/+ \n      WITHCONVERTER=`com.datamountaineer.streamreactor.connect.converters.source.JsonSimpleConverter`\n","connect.mqtt.log.message":"true","connect.mqtt.service.quality":"0","connect.progress.enabled":"true","connector.class":"com.datamountaineer.streamreactor.connect.mqtt.source.MqttSourceConnector","errors.log.enable":"true","errors.log.include.messages":"true","errors.tolerance":"all","name":"digitransit-hfp-bus-positions-raw"},"connector_name":"digitransit-hfp-bus-positions-raw","project":"dbeech-demo","service_name":"bigdataldn-demo-kafka-connect","timeouts":null},"sensitive_values":{"config":true,"task":[]}},{"address":"module.digitransit-hfp-bus-positions.aiven_kafka_topic.digitransit-hfp-kafka-topic","mode":"managed","type":"aiven_kafka_topic","name":"digitransit-hfp-kafka-topic","provider_name":"registry.terraform.io/aiven/aiven","schema_version":0,"values":{"config":[{"cleanup_policy":null,"compression_type":null,"delete_retention_ms":null,"file_delete_delay_ms":null,"flush_messages":null,"flush_ms":null,"index_interval_bytes":null,"max_compaction_lag_ms":null,"max_message_bytes":null,"message_downconversion_enable":null,"message_format_version":null,"message_timestamp_difference_max_ms":null,"message_timestamp_type":null,"min_cleanable_dirty_ratio":null,"min_compaction_lag_ms":null,"min_insync_replicas":null,"preallocate":null,"retention_bytes":null,"retention_ms":"1209600000","segment_bytes":null,"segment_index_bytes":null,"segment_jitter_ms":null,"segment_ms":null,"unclean_leader_election_enable":null}],"partitions":3,"project":"dbeech-demo","replication":3,"service_name":"bigdataldn-demo-kafka","tag":[],"termination_protection":false,"timeouts":null,"topic_name":"digitransit-hfp-bus-positions-raw"},"sensitive_values":{"config":[{}],"tag":[]}}],"address":"module.digitransit-hfp-bus-positions"},{"resources":[{"address":"module.digitransit-hfp-train-positions.aiven_kafka_connector.digitransit-hfp-kafka-connector","mode":"managed","type":"aiven_kafka_connector","name":"digitransit-hfp-kafka-connector","provider_name":"registry.terraform.io/aiven/aiven","schema_version":0,"values":{"config":{"_aiven.restart.on.failure":"true","connect.mqtt.client.id":"digitransit-hfp-train-positions-raw","connect.mqtt.error.policy":"NOOP","connect.mqtt.hosts":"tcp://mqtt.hsl.fi:1883","connect.mqtt.kcql":"      INSERT INTO digitransit-hfp-train-positions-raw \n      SELECT * FROM /hfp/v2/journey/ongoing/vp/train/+/+/+/+/+/+/+/+/+/+/+/+ \n      WITHCONVERTER=`com.datamountaineer.streamreactor.connect.converters.source.JsonSimpleConverter`\n","connect.mqtt.log.message":"true","connect.mqtt.service.quality":"0","connect.progress.enabled":"true","connector.class":"com.datamountaineer.streamreactor.connect.mqtt.source.MqttSourceConnector","errors.log.enable":"true","errors.log.include.messages":"true","errors.tolerance":"all","name":"digitransit-hfp-train-positions-raw"},"connector_name":"digitransit-hfp-train-positions-raw","project":"dbeech-demo","service_name":"bigdataldn-demo-kafka-connect","timeouts":null},"sensitive_values":{"config":true,"task":[]}},{"address":"module.digitransit-hfp-train-positions.aiven_kafka_topic.digitransit-hfp-kafka-topic","mode":"managed","type":"aiven_kafka_topic","name":"digitransit-hfp-kafka-topic","provider_name":"registry.terraform.io/aiven/aiven","schema_version":0,"values":{"config":[{"cleanup_policy":null,"compression_type":null,"delete_retention_ms":null,"file_delete_delay_ms":null,"flush_messages":null,"flush_ms":null,"index_interval_bytes":null,"max_compaction_lag_ms":null,"max_message_bytes":null,"message_downconversion_enable":null,"message_format_version":null,"message_timestamp_difference_max_ms":null,"message_timestamp_type":null,"min_cleanable_dirty_ratio":null,"min_compaction_lag_ms":null,"min_insync_replicas":null,"preallocate":null,"retention_bytes":null,"retention_ms":"1209600000","segment_bytes":null,"segment_index_bytes":null,"segment_jitter_ms":null,"segment_ms":null,"unclean_leader_election_enable":null}],"partitions":3,"project":"dbeech-demo","replication":3,"service_name":"bigdataldn-demo-kafka","tag":[],"termination_protection":false,"timeouts":null,"topic_name":"digitransit-hfp-train-positions-raw"},"sensitive_values":{"config":[{}],"tag":[]}}],"address":"module.digitransit-hfp-train-positions"}]}},"resource_changes":[{"address":"aiven_clickhouse.demo-clickhouse","mode":"managed","type":"aiven_clickhouse","name":"demo-clickhouse","provider_name":"registry.terraform.io/aiven/aiven","change":{"actions":["create"],"before":null,"after":{"additional_disk_space":null,"clickhouse_user_config":[],"cloud_name":"google-europe-west2","disk_space":null,"maintenance_window_dow":null,"maintenance_window_time":null,"plan":"startup-beta-8","project":"dbeech-demo","project_vpc_id":null,"service_integrations":[],"service_name":"bigdataldn-demo-clickhouse","service_type":"clickhouse","static_ips":null,"tag":[],"termination_protection":null,"timeouts":null},"after_unknown":{"clickhouse":true,"clickhouse_user_config":[],"components":true,"disk_space_cap":true,"disk_space_default":true,"disk_space_step":true,"disk_space_used":true,"id":true,"service_host":true,"service_integrations":[],"service_password":true,"service_port":true,"service_uri":true,"service_username":true,"state":true,"tag":[]},"before_sensitive":false,"after_sensitive":{"clickhouse":[],"clickhouse_user_config":[],"components":[],"service_integrations":[],"service_password":true,"service_uri":true,"tag":[]}}},{"address":"aiven_flink.demo-flink","mode":"managed","type":"aiven_flink","name":"demo-flink","provider_name":"registry.terraform.io/aiven/aiven","change":{"actions":["create"],"before":null,"after":{"additional_disk_space":null,"cloud_name":"google-europe-west2","disk_space":null,"flink_user_config":[{"execution_checkpointing_interval_ms":null,"execution_checkpointing_timeout_ms":null,"flink_version":null,"ip_filter":null,"number_of_task_slots":null,"parallelism_default":"3","privatelink_access":[],"restart_strategy":null,"restart_strategy_delay_sec":null,"restart_strategy_failure_rate_interval_min":null,"restart_strategy_max_failures":null}],"maintenance_window_dow":null,"maintenance_window_time":null,"plan":"business-8","project":"dbeech-demo","project_vpc_id":null,"service_integrations":[],"service_name":"bigdataldn-demo-flink","service_type":"flink","static_ips":null,"tag":[],"termination_protection":true,"timeouts":null},"after_unknown":{"components":true,"disk_space_cap":true,"disk_space_default":true,"disk_space_step":true,"disk_space_used":true,"flink":true,"flink_user_config":[{"privatelink_access":[]}],"id":true,"service_host":true,"service_integrations":[],"service_password":true,"service_port":true,"service_uri":true,"service_username":true,"state":true,"tag":[]},"before_sensitive":false,"after_sensitive":{"components":[],"flink":[],"flink_user_config":[{"privatelink_access":[]}],"service_integrations":[],"service_password":true,"service_uri":true,"tag":[]}}},{"address":"aiven_flink_job.demo-flink-job-digitransit-hfp-bus-position-flattening","mode":"managed","type":"aiven_flink_job","name":"demo-flink-job-digitransit-hfp-bus-position-flattening","provider_name":"registry.terraform.io/aiven/aiven","change":{"actions":["create"],"before":null,"after":{"job_name":"digitransit_hfp_bus_positions_flatten","project":"dbeech-demo","service_name":"bigdataldn-demo-flink","statement":"    INSERT INTO digitransit_hfp_bus_positions_flattened\n    SELECT\n      VP.`desi`,\n      VP.`dir`,\n      VP.`oper`,\n      operators.`name`,\n      VP.`veh`,\n      VP.`tst`,\n      VP.`tsi`,\n      VP.`spd`,\n      VP.`hdg`,\n      VP.`lat`,\n      VP.`long`,\n      VP.`acc`,\n      VP.`dl`,\n      VP.`drst`,\n      VP.`oday`,\n      VP.`start`,\n      VP.`loc`,\n      VP.`stop`,\n      VP.`route`,\n      VP.`occu`\n    FROM digitransit_hfp_bus_positions_raw positions\n    INNER JOIN digitransit_operators operators\n    ON positions.VP.`oper` = operators.`id`\n","timeouts":null},"after_unknown":{"id":true,"job_id":true,"state":true,"table_ids":true},"before_sensitive":false,"after_sensitive":{"table_ids":[]}}},{"address":"aiven_flink_table.demo-flink-table-digitransit-hfp-bus-positions-flattened","mode":"managed","type":"aiven_flink_table","name":"demo-flink-table-digitransit-hfp-bus-positions-flattened","provider_name":"registry.terraform.io/aiven/aiven","change":{"actions":["create"],"before":null,"after":{"jdbc_table":null,"kafka_connector_type":"kafka","kafka_key_fields":null,"kafka_key_format":null,"kafka_startup_mode":"latest-offset","kafka_topic":"digitransit-hfp-bus-positions-flattened","kafka_value_fields_include":null,"kafka_value_format":"json","like_options":null,"opensearch_index":null,"project":"dbeech-demo","schema_sql":"    `desi` STRING,\n    `dir` STRING,\n    `oper` INT,\n    `oper_name` STRING,\n    `veh` INT,\n    `tst` STRING,\n    `tsi` INT,\n    `spd` FLOAT,\n    `hdg` INT,\n    `lat` FLOAT,\n    `long` FLOAT,\n    `acc` FLOAT,\n    `dl` INT,\n    `drst` INT,\n    `oday` STRING,\n    `start` STRING,\n    `loc` STRING,\n    `stop` STRING,\n    `route` STRING,\n    `occu` INT\n","service_name":"bigdataldn-demo-flink","table_name":"digitransit_hfp_bus_positions_flattened","upsert_kafka":[]},"after_unknown":{"id":true,"integration_id":true,"table_id":true,"upsert_kafka":[]},"before_sensitive":false,"after_sensitive":{"upsert_kafka":[]}}},{"address":"aiven_flink_table.demo-flink-table-digitransit-hfp-bus-positions-raw","mode":"managed","type":"aiven_flink_table","name":"demo-flink-table-digitransit-hfp-bus-positions-raw","provider_name":"registry.terraform.io/aiven/aiven","change":{"actions":["create"],"before":null,"after":{"jdbc_table":null,"kafka_connector_type":"kafka","kafka_key_fields":null,"kafka_key_format":null,"kafka_startup_mode":"latest-offset","kafka_topic":"digitransit-hfp-bus-positions-raw","kafka_value_fields_include":null,"kafka_value_format":"json","like_options":null,"opensearch_index":null,"project":"dbeech-demo","schema_sql":"      `VP` ROW\u003c`desi` STRING,`dir` STRING,`oper` INT,`veh` INT,`tst` STRING,`tsi` INT,`spd` FLOAT,`hdg` INT,`lat` FLOAT,`long` FLOAT,`acc` FLOAT,`dl` INT,`drst` INT,`oday` STRING,`start` STRING,`loc` STRING,`stop` STRING,`route` STRING,`occu` INT\u003e\n","service_name":"bigdataldn-demo-flink","table_name":"digitransit_hfp_bus_positions_raw","upsert_kafka":[]},"after_unknown":{"id":true,"integration_id":true,"table_id":true,"upsert_kafka":[]},"before_sensitive":false,"after_sensitive":{"upsert_kafka":[]}}},{"address":"aiven_flink_table.demo-flink-table-digitransit-operators","mode":"managed","type":"aiven_flink_table","name":"demo-flink-table-digitransit-operators","provider_name":"registry.terraform.io/aiven/aiven","change":{"actions":["create"],"before":null,"after":{"jdbc_table":"public.digitransit_operators","kafka_connector_type":null,"kafka_key_fields":null,"kafka_key_format":null,"kafka_startup_mode":null,"kafka_topic":null,"kafka_value_fields_include":null,"kafka_value_format":null,"like_options":null,"opensearch_index":null,"project":"dbeech-demo","schema_sql":"    `id` INT PRIMARY KEY,\n    `name` STRING NOT NULL\n","service_name":"bigdataldn-demo-flink","table_name":"digitransit_operators","upsert_kafka":[]},"after_unknown":{"id":true,"integration_id":true,"table_id":true,"upsert_kafka":[]},"before_sensitive":false,"after_sensitive":{"upsert_kafka":[]}}},{"address":"aiven_grafana.demo-metrics-dashboard","mode":"managed","type":"aiven_grafana","name":"demo-metrics-dashboard","provider_name":"registry.terraform.io/aiven/aiven","change":{"actions":["create"],"before":null,"after":{"additional_disk_space":null,"cloud_name":"google-europe-west2","disk_space":null,"grafana_user_config":[{"alerting_enabled":null,"alerting_error_or_timeout":null,"alerting_max_annotations_to_keep":null,"alerting_nodata_or_nullvalues":null,"allow_embedding":null,"auth_azuread":[],"auth_basic_enabled":null,"auth_generic_oauth":[],"auth_github":[],"auth_gitlab":[],"auth_google":[],"cookie_samesite":null,"custom_domain":null,"dashboards_min_refresh_interval":null,"dashboards_versions_to_keep":null,"dataproxy_send_user_header":null,"dataproxy_timeout":null,"date_formats":[],"disable_gravatar":null,"editors_can_admin":null,"external_image_storage":[],"google_analytics_ua_id":null,"ip_filter":[],"metrics_enabled":null,"private_access":[],"privatelink_access":[],"project_to_fork_from":null,"public_access":[{"grafana":"true"}],"recovery_basebackup_name":null,"service_to_fork_from":null,"smtp_server":[],"static_ips":null,"user_auto_assign_org":null,"user_auto_assign_org_role":null,"viewers_can_edit":null}],"maintenance_window_dow":null,"maintenance_window_time":null,"plan":"startup-4","project":"dbeech-demo","project_vpc_id":null,"service_integrations":[],"service_name":"bigdataldn-demo-metrics-dashboard","service_type":"grafana","static_ips":null,"tag":[],"termination_protection":null,"timeouts":null},"after_unknown":{"components":true,"disk_space_cap":true,"disk_space_default":true,"disk_space_step":true,"disk_space_used":true,"grafana":true,"grafana_user_config":[{"auth_azuread":[],"auth_generic_oauth":[],"auth_github":[],"auth_gitlab":[],"auth_google":[],"date_formats":[],"external_image_storage":[],"ip_filter":[],"private_access":[],"privatelink_access":[],"public_access":[{}],"smtp_server":[]}],"id":true,"service_host":true,"service_integrations":[],"service_password":true,"service_port":true,"service_uri":true,"service_username":true,"state":true,"tag":[]},"before_sensitive":false,"after_sensitive":{"components":[],"grafana":[],"grafana_user_config":[{"auth_azuread":[],"auth_generic_oauth":[],"auth_github":[],"auth_gitlab":[],"auth_google":[],"date_formats":[],"external_image_storage":[],"ip_filter":[],"private_access":[],"privatelink_access":[],"public_access":[{}],"smtp_server":[]}],"service_integrations":[],"service_password":true,"service_uri":true,"tag":[]}}},{"address":"aiven_kafka.demo-kafka","mode":"managed","type":"aiven_kafka","name":"demo-kafka","provider_name":"registry.terraform.io/aiven/aiven","change":{"actions":["create"],"before":null,"after":{"additional_disk_space":null,"cloud_name":"google-europe-west2","default_acl":false,"disk_space":null,"kafka_user_config":[{"custom_domain":null,"ip_filter":[],"kafka":[{"auto_create_topics_enable":"false","compression_type":null,"connections_max_idle_ms":null,"default_replication_factor":null,"group_initial_rebalance_delay_ms":null,"group_max_session_timeout_ms":null,"group_min_session_timeout_ms":null,"log_cleaner_delete_retention_ms":null,"log_cleaner_max_compaction_lag_ms":null,"log_cleaner_min_cleanable_ratio":null,"log_cleaner_min_compaction_lag_ms":null,"log_cleanup_policy":null,"log_flush_interval_messages":null,"log_flush_interval_ms":null,"log_index_interval_bytes":null,"log_index_size_max_bytes":null,"log_message_downconversion_enable":null,"log_message_timestamp_difference_max_ms":null,"log_message_timestamp_type":null,"log_preallocate":null,"log_retention_bytes":null,"log_retention_hours":null,"log_retention_ms":null,"log_roll_jitter_ms":null,"log_roll_ms":null,"log_segment_bytes":null,"log_segment_delete_delay_ms":null,"max_connections_per_ip":null,"max_incremental_fetch_session_cache_slots":null,"message_max_bytes":null,"min_insync_replicas":null,"num_partitions":null,"offsets_retention_minutes":null,"producer_purgatory_purge_interval_requests":null,"replica_fetch_max_bytes":null,"replica_fetch_response_max_bytes":null,"socket_request_max_bytes":null,"transaction_remove_expired_transaction_cleanup_interval_ms":null,"transaction_state_log_segment_bytes":null}],"kafka_authentication_methods":[],"kafka_connect":"false","kafka_connect_config":[],"kafka_rest":"true","kafka_rest_config":[],"kafka_version":"3.2","private_access":[],"privatelink_access":[],"public_access":[{"kafka":"false","kafka_connect":"true","kafka_rest":"false","prometheus":null,"schema_registry":"false"}],"schema_registry":"true","schema_registry_config":[],"static_ips":null}],"karapace":null,"maintenance_window_dow":null,"maintenance_window_time":null,"plan":"business-4","project":"dbeech-demo","project_vpc_id":null,"service_integrations":[],"service_name":"bigdataldn-demo-kafka","service_type":"kafka","static_ips":null,"tag":[],"termination_protection":false,"timeouts":null},"after_unknown":{"components":true,"disk_space_cap":true,"disk_space_default":true,"disk_space_step":true,"disk_space_used":true,"id":true,"kafka":true,"kafka_user_config":[{"ip_filter":[],"kafka":[{}],"kafka_authentication_methods":[],"kafka_connect_config":[],"kafka_rest_config":[],"private_access":[],"privatelink_access":[],"public_access":[{}],"schema_registry_config":[]}],"service_host":true,"service_integrations":[],"service_password":true,"service_port":true,"service_uri":true,"service_username":true,"state":true,"tag":[]},"before_sensitive":false,"after_sensitive":{"components":[],"kafka":[],"kafka_user_config":[{"ip_filter":[],"kafka":[{}],"kafka_authentication_methods":[],"kafka_connect_config":[],"kafka_rest_config":[],"private_access":[],"privatelink_access":[],"public_access":[{}],"schema_registry_config":[]}],"service_integrations":[],"service_password":true,"service_uri":true,"tag":[]}}},{"address":"aiven_kafka_connect.demo-kafka-connect","mode":"managed","type":"aiven_kafka_connect","name":"demo-kafka-connect","provider_name":"registry.terraform.io/aiven/aiven","change":{"actions":["create"],"before":null,"after":{"additional_disk_space":null,"cloud_name":"google-europe-west2","disk_space":null,"kafka_connect_user_config":[{"ip_filter":[],"kafka_connect":[],"private_access":[],"privatelink_access":[],"public_access":[{"kafka_connect":"true","prometheus":"true"}],"static_ips":null}],"maintenance_window_dow":null,"maintenance_window_time":null,"plan":"business-8","project":"dbeech-demo","project_vpc_id":null,"service_integrations":[],"service_name":"bigdataldn-demo-kafka-connect","service_type":"kafka_connect","static_ips":null,"tag":[],"termination_protection":null,"timeouts":null},"after_unknown":{"components":true,"disk_space_cap":true,"disk_space_default":true,"disk_space_step":true,"disk_space_used":true,"id":true,"kafka_connect":true,"kafka_connect_user_config":[{"ip_filter":[],"kafka_connect":[],"private_access":[],"privatelink_access":[],"public_access":[{}]}],"service_host":true,"service_integrations":[],"service_password":true,"service_port":true,"service_uri":true,"service_username":true,"state":true,"tag":[]},"before_sensitive":false,"after_sensitive":{"components":[],"kafka_connect":[],"kafka_connect_user_config":[{"ip_filter":[],"kafka_connect":[],"private_access":[],"privatelink_access":[],"public_access":[{}]}],"service_integrations":[],"service_password":true,"service_uri":true,"tag":[]}}},{"address":"aiven_kafka_topic.demo-kafka-topic-digitransit-hfp-bus-positions-flattened","mode":"managed","type":"aiven_kafka_topic","name":"demo-kafka-topic-digitransit-hfp-bus-positions-flattened","provider_name":"registry.terraform.io/aiven/aiven","change":{"actions":["create"],"before":null,"after":{"config":[{"cleanup_policy":null,"compression_type":null,"delete_retention_ms":null,"file_delete_delay_ms":null,"flush_messages":null,"flush_ms":null,"index_interval_bytes":null,"max_compaction_lag_ms":null,"max_message_bytes":null,"message_downconversion_enable":null,"message_format_version":null,"message_timestamp_difference_max_ms":null,"message_timestamp_type":null,"min_cleanable_dirty_ratio":null,"min_compaction_lag_ms":null,"min_insync_replicas":null,"preallocate":null,"retention_bytes":null,"retention_ms":"1209600000","segment_bytes":null,"segment_index_bytes":null,"segment_jitter_ms":null,"segment_ms":null,"unclean_leader_election_enable":null}],"partitions":3,"project":"dbeech-demo","replication":3,"service_name":"bigdataldn-demo-kafka","tag":[],"termination_protection":false,"timeouts":null,"topic_name":"digitransit-hfp-bus-positions-flattened"},"after_unknown":{"config":[{}],"id":true,"tag":[]},"before_sensitive":false,"after_sensitive":{"config":[{}],"tag":[]}}},{"address":"aiven_m3db.demo-metrics","mode":"managed","type":"aiven_m3db","name":"demo-metrics","provider_name":"registry.terraform.io/aiven/aiven","change":{"actions":["create"],"before":null,"after":{"additional_disk_space":null,"cloud_name":"google-europe-west2","disk_space":null,"m3db_user_config":[{"custom_domain":null,"ip_filter":[],"limits":[],"m3_version":null,"m3coordinator_enable_graphite_carbon_ingest":null,"m3db_version":"1.5","namespaces":[{"name":"default","options":[{"retention_options":[{"block_data_expiry_duration":null,"blocksize_duration":"2h","buffer_future_duration":null,"buffer_past_duration":null,"retention_period_duration":"8d"}],"snapshot_enabled":null,"writes_to_commitlog":null}],"resolution":null,"type":"unaggregated"}],"private_access":[],"project_to_fork_from":null,"public_access":[],"rules":[],"service_to_fork_from":null,"static_ips":null}],"maintenance_window_dow":null,"maintenance_window_time":null,"plan":"startup-8","project":"dbeech-demo","project_vpc_id":null,"service_integrations":[],"service_name":"bigdataldn-demo-metrics","service_type":"m3db","static_ips":null,"tag":[],"termination_protection":null,"timeouts":null},"after_unknown":{"components":true,"disk_space_cap":true,"disk_space_default":true,"disk_space_step":true,"disk_space_used":true,"id":true,"m3db":true,"m3db_user_config":[{"ip_filter":[],"limits":[],"namespaces":[{"options":[{"retention_options":[{}]}]}],"private_access":[],"public_access":[],"rules":[]}],"service_host":true,"service_integrations":[],"service_password":true,"service_port":true,"service_uri":true,"service_username":true,"state":true,"tag":[]},"before_sensitive":false,"after_sensitive":{"components":[],"m3db":[],"m3db_user_config":[{"ip_filter":[],"limits":[],"namespaces":[{"options":[{"retention_options":[{}]}]}],"private_access":[],"public_access":[],"rules":[]}],"service_integrations":[],"service_password":true,"service_uri":true,"tag":[]}}},{"address":"aiven_pg.demo-postgres","mode":"managed","type":"aiven_pg","name":"demo-postgres","provider_name":"registry.terraform.io/aiven/aiven","change":{"actions":["create"],"before":null,"after":{"additional_disk_space":null,"cloud_name":"google-europe-west2","disk_space":null,"maintenance_window_dow":null,"maintenance_window_time":null,"pg_user_config":[{"admin_password":null,"admin_username":null,"backup_hour":null,"backup_minute":null,"enable_ipv6":null,"ip_filter":null,"migration":[],"pg":[],"pg_read_replica":null,"pg_service_to_fork_from":null,"pg_stat_monitor_enable":null,"pg_version":"14","pgbouncer":[],"pglookout":[],"private_access":[],"privatelink_access":[],"project_to_fork_from":null,"public_access":[],"recovery_target_time":null,"service_to_fork_from":null,"shared_buffers_percentage":null,"static_ips":null,"synchronous_replication":null,"timescaledb":[],"variant":null,"work_mem":null}],"plan":"startup-4","project":"dbeech-demo","project_vpc_id":null,"service_integrations":[],"service_name":"bigdataldn-demo-postgres","service_type":"pg","static_ips":null,"tag":[],"termination_protection":null,"timeouts":null},"after_unknown":{"components":true,"disk_space_cap":true,"disk_space_default":true,"disk_space_step":true,"disk_space_used":true,"id":true,"pg":true,"pg_user_config":[{"migration":[],"pg":[],"pgbouncer":[],"pglookout":[],"private_access":[],"privatelink_access":[],"public_access":[],"timescaledb":[]}],"service_host":true,"service_integrations":[],"service_password":true,"service_port":true,"service_uri":true,"service_username":true,"state":true,"tag":[]},"before_sensitive":false,"after_sensitive":{"components":[],"pg":[],"pg_user_config":[{"admin_password":true,"migration":[],"pg":[],"pgbouncer":[],"pglookout":[],"private_access":[],"privatelink_access":[],"public_access":[],"timescaledb":[]}],"service_integrations":[],"service_password":true,"service_uri":true,"tag":[]}}},{"address":"aiven_service_integration.demo-dashboard-integration","mode":"managed","type":"aiven_service_integration","name":"demo-dashboard-integration","provider_name":"registry.terraform.io/aiven/aiven","change":{"actions":["create"],"before":null,"after":{"destination_endpoint_id":null,"destination_service_name":"bigdataldn-demo-metrics","integration_type":"dashboard","kafka_connect_user_config":[],"kafka_logs_user_config":[],"kafka_mirrormaker_user_config":[],"logs_user_config":[],"metrics_user_config":[],"mirrormaker_user_config":[],"project":"dbeech-demo","source_endpoint_id":null,"source_service_name":"bigdataldn-demo-metrics-dashboard","timeouts":null},"after_unknown":{"id":true,"integration_id":true,"kafka_connect_user_config":[],"kafka_logs_user_config":[],"kafka_mirrormaker_user_config":[],"logs_user_config":[],"metrics_user_config":[],"mirrormaker_user_config":[]},"before_sensitive":false,"after_sensitive":{"kafka_connect_user_config":[],"kafka_logs_user_config":[],"kafka_mirrormaker_user_config":[],"logs_user_config":[],"metrics_user_config":[],"mirrormaker_user_config":[]}}},{"address":"aiven_service_integration.demo-flink-kafka-integration","mode":"managed","type":"aiven_service_integration","name":"demo-flink-kafka-integration","provider_name":"registry.terraform.io/aiven/aiven","change":{"actions":["create"],"before":null,"after":{"destination_endpoint_id":null,"destination_service_name":"bigdataldn-demo-flink","integration_type":"flink","kafka_connect_user_config":[],"kafka_logs_user_config":[],"kafka_mirrormaker_user_config":[],"logs_user_config":[],"metrics_user_config":[],"mirrormaker_user_config":[],"project":"dbeech-demo","source_endpoint_id":null,"source_service_name":"bigdataldn-demo-kafka","timeouts":null},"after_unknown":{"id":true,"integration_id":true,"kafka_connect_user_config":[],"kafka_logs_user_config":[],"kafka_mirrormaker_user_config":[],"logs_user_config":[],"metrics_user_config":[],"mirrormaker_user_config":[]},"before_sensitive":false,"after_sensitive":{"kafka_connect_user_config":[],"kafka_logs_user_config":[],"kafka_mirrormaker_user_config":[],"logs_user_config":[],"metrics_user_config":[],"mirrormaker_user_config":[]}}},{"address":"aiven_service_integration.demo-flink-postgres-integration","mode":"managed","type":"aiven_service_integration","name":"demo-flink-postgres-integration","provider_name":"registry.terraform.io/aiven/aiven","change":{"actions":["create"],"before":null,"after":{"destination_endpoint_id":null,"destination_service_name":"bigdataldn-demo-flink","integration_type":"flink","kafka_connect_user_config":[],"kafka_logs_user_config":[],"kafka_mirrormaker_user_config":[],"logs_user_config":[],"metrics_user_config":[],"mirrormaker_user_config":[],"project":"dbeech-demo","source_endpoint_id":null,"source_service_name":"bigdataldn-demo-postgres","timeouts":null},"after_unknown":{"id":true,"integration_id":true,"kafka_connect_user_config":[],"kafka_logs_user_config":[],"kafka_mirrormaker_user_config":[],"logs_user_config":[],"metrics_user_config":[],"mirrormaker_user_config":[]},"before_sensitive":false,"after_sensitive":{"kafka_connect_user_config":[],"kafka_logs_user_config":[],"kafka_mirrormaker_user_config":[],"logs_user_config":[],"metrics_user_config":[],"mirrormaker_user_config":[]}}},{"address":"aiven_service_integration.demo-kafka-connect-source-integration","mode":"managed","type":"aiven_service_integration","name":"demo-kafka-connect-source-integration","provider_name":"registry.terraform.io/aiven/aiven","change":{"actions":["create"],"before":null,"after":{"destination_endpoint_id":null,"destination_service_name":"bigdataldn-demo-kafka-connect","integration_type":"kafka_connect","kafka_connect_user_config":[],"kafka_logs_user_config":[],"kafka_mirrormaker_user_config":[],"logs_user_config":[],"metrics_user_config":[],"mirrormaker_user_config":[],"project":"dbeech-demo","source_endpoint_id":null,"source_service_name":"bigdataldn-demo-kafka","timeouts":null},"after_unknown":{"id":true,"integration_id":true,"kafka_connect_user_config":[],"kafka_logs_user_config":[],"kafka_mirrormaker_user_config":[],"logs_user_config":[],"metrics_user_config":[],"mirrormaker_user_config":[]},"before_sensitive":false,"after_sensitive":{"kafka_connect_user_config":[],"kafka_logs_user_config":[],"kafka_mirrormaker_user_config":[],"logs_user_config":[],"metrics_user_config":[],"mirrormaker_user_config":[]}}},{"address":"aiven_service_integration.demo-metrics-integration-flink","mode":"managed","type":"aiven_service_integration","name":"demo-metrics-integration-flink","provider_name":"registry.terraform.io/aiven/aiven","change":{"actions":["create"],"before":null,"after":{"destination_endpoint_id":null,"destination_service_name":"bigdataldn-demo-metrics","integration_type":"metrics","kafka_connect_user_config":[],"kafka_logs_user_config":[],"kafka_mirrormaker_user_config":[],"logs_user_config":[],"metrics_user_config":[],"mirrormaker_user_config":[],"project":"dbeech-demo","source_endpoint_id":null,"source_service_name":"bigdataldn-demo-flink","timeouts":null},"after_unknown":{"id":true,"integration_id":true,"kafka_connect_user_config":[],"kafka_logs_user_config":[],"kafka_mirrormaker_user_config":[],"logs_user_config":[],"metrics_user_config":[],"mirrormaker_user_config":[]},"before_sensitive":false,"after_sensitive":{"kafka_connect_user_config":[],"kafka_logs_user_config":[],"kafka_mirrormaker_user_config":[],"logs_user_config":[],"metrics_user_config":[],"mirrormaker_user_config":[]}}},{"address":"aiven_service_integration.demo-metrics-integration-kafka","mode":"managed","type":"aiven_service_integration","name":"demo-metrics-integration-kafka","provider_name":"registry.terraform.io/aiven/aiven","change":{"actions":["create"],"before":null,"after":{"destination_endpoint_id":null,"destination_service_name":"bigdataldn-demo-metrics","integration_type":"metrics","kafka_connect_user_config":[],"kafka_logs_user_config":[],"kafka_mirrormaker_user_config":[],"logs_user_config":[],"metrics_user_config":[],"mirrormaker_user_config":[],"project":"dbeech-demo","source_endpoint_id":null,"source_service_name":"bigdataldn-demo-kafka","timeouts":null},"after_unknown":{"id":true,"integration_id":true,"kafka_connect_user_config":[],"kafka_logs_user_config":[],"kafka_mirrormaker_user_config":[],"logs_user_config":[],"metrics_user_config":[],"mirrormaker_user_config":[]},"before_sensitive":false,"after_sensitive":{"kafka_connect_user_config":[],"kafka_logs_user_config":[],"kafka_mirrormaker_user_config":[],"logs_user_config":[],"metrics_user_config":[],"mirrormaker_user_config":[]}}},{"address":"module.digitransit-hfp-bus-positions.aiven_kafka_connector.digitransit-hfp-kafka-connector","module_address":"module.digitransit-hfp-bus-positions","mode":"managed","type":"aiven_kafka_connector","name":"digitransit-hfp-kafka-connector","provider_name":"registry.terraform.io/aiven/aiven","change":{"actions":["create"],"before":null,"after":{"config":{"_aiven.restart.on.failure":"true","connect.mqtt.client.id":"digitransit-hfp-bus-positions-raw","connect.mqtt.error.policy":"NOOP","connect.mqtt.hosts":"tcp://mqtt.hsl.fi:1883","connect.mqtt.kcql":"      INSERT INTO digitransit-hfp-bus-positions-raw \n      SELECT * FROM /hfp/v2/journey/ongoing/vp/bus/+/+/+/+/+/+/+/+/+/+/+/+ \n      WITHCONVERTER=`com.datamountaineer.streamreactor.connect.converters.source.JsonSimpleConverter`\n","connect.mqtt.log.message":"true","connect.mqtt.service.quality":"0","connect.progress.enabled":"true","connector.class":"com.datamountaineer.streamreactor.connect.mqtt.source.MqttSourceConnector","errors.log.enable":"true","errors.log.include.messages":"true","errors.tolerance":"all","name":"digitransit-hfp-bus-positions-raw"},"connector_name":"digitransit-hfp-bus-positions-raw","project":"dbeech-demo","service_name":"bigdataldn-demo-kafka-connect","timeouts":null},"after_unknown":{"config":{},"id":true,"plugin_author":true,"plugin_class":true,"plugin_doc_url":true,"plugin_title":true,"plugin_type":true,"plugin_version":true,"task":true},"before_sensitive":false,"after_sensitive":{"config":true,"task":[]}}},{"address":"module.digitransit-hfp-bus-positions.aiven_kafka_topic.digitransit-hfp-kafka-topic","module_address":"module.digitransit-hfp-bus-positions","mode":"managed","type":"aiven_kafka_topic","name":"digitransit-hfp-kafka-topic","provider_name":"registry.terraform.io/aiven/aiven","change":{"actions":["create"],"before":null,"after":{"config":[{"cleanup_policy":null,"compression_type":null,"delete_retention_ms":null,"file_delete_delay_ms":null,"flush_messages":null,"flush_ms":null,"index_interval_bytes":null,"max_compaction_lag_ms":null,"max_message_bytes":null,"message_downconversion_enable":null,"message_format_version":null,"message_timestamp_difference_max_ms":null,"message_timestamp_type":null,"min_cleanable_dirty_ratio":null,"min_compaction_lag_ms":null,"min_insync_replicas":null,"preallocate":null,"retention_bytes":null,"retention_ms":"1209600000","segment_bytes":null,"segment_index_bytes":null,"segment_jitter_ms":null,"segment_ms":null,"unclean_leader_election_enable":null}],"partitions":3,"project":"dbeech-demo","replication":3,"service_name":"bigdataldn-demo-kafka","tag":[],"termination_protection":false,"timeouts":null,"topic_name":"digitransit-hfp-bus-positions-raw"},"after_unknown":{"config":[{}],"id":true,"tag":[]},"before_sensitive":false,"after_sensitive":{"config":[{}],"tag":[]}}},{"address":"module.digitransit-hfp-train-positions.aiven_kafka_connector.digitransit-hfp-kafka-connector","module_address":"module.digitransit-hfp-train-positions","mode":"managed","type":"aiven_kafka_connector","name":"digitransit-hfp-kafka-connector","provider_name":"registry.terraform.io/aiven/aiven","change":{"actions":["create"],"before":null,"after":{"config":{"_aiven.restart.on.failure":"true","connect.mqtt.client.id":"digitransit-hfp-train-positions-raw","connect.mqtt.error.policy":"NOOP","connect.mqtt.hosts":"tcp://mqtt.hsl.fi:1883","connect.mqtt.kcql":"      INSERT INTO digitransit-hfp-train-positions-raw \n      SELECT * FROM /hfp/v2/journey/ongoing/vp/train/+/+/+/+/+/+/+/+/+/+/+/+ \n      WITHCONVERTER=`com.datamountaineer.streamreactor.connect.converters.source.JsonSimpleConverter`\n","connect.mqtt.log.message":"true","connect.mqtt.service.quality":"0","connect.progress.enabled":"true","connector.class":"com.datamountaineer.streamreactor.connect.mqtt.source.MqttSourceConnector","errors.log.enable":"true","errors.log.include.messages":"true","errors.tolerance":"all","name":"digitransit-hfp-train-positions-raw"},"connector_name":"digitransit-hfp-train-positions-raw","project":"dbeech-demo","service_name":"bigdataldn-demo-kafka-connect","timeouts":null},"after_unknown":{"config":{},"id":true,"plugin_author":true,"plugin_class":true,"plugin_doc_url":true,"plugin_title":true,"plugin_type":true,"plugin_version":true,"task":true},"before_sensitive":false,"after_sensitive":{"config":true,"task":[]}}},{"address":"module.digitransit-hfp-train-positions.aiven_kafka_topic.digitransit-hfp-kafka-topic","module_address":"module.digitransit-hfp-train-positions","mode":"managed","type":"aiven_kafka_topic","name":"digitransit-hfp-kafka-topic","provider_name":"registry.terraform.io/aiven/aiven","change":{"actions":["create"],"before":null,"after":{"config":[{"cleanup_policy":null,"compression_type":null,"delete_retention_ms":null,"file_delete_delay_ms":null,"flush_messages":null,"flush_ms":null,"index_interval_bytes":null,"max_compaction_lag_ms":null,"max_message_bytes":null,"message_downconversion_enable":null,"message_format_version":null,"message_timestamp_difference_max_ms":null,"message_timestamp_type":null,"min_cleanable_dirty_ratio":null,"min_compaction_lag_ms":null,"min_insync_replicas":null,"preallocate":null,"retention_bytes":null,"retention_ms":"1209600000","segment_bytes":null,"segment_index_bytes":null,"segment_jitter_ms":null,"segment_ms":null,"unclean_leader_election_enable":null}],"partitions":3,"project":"dbeech-demo","replication":3,"service_name":"bigdataldn-demo-kafka","tag":[],"termination_protection":false,"timeouts":null,"topic_name":"digitransit-hfp-train-positions-raw"},"after_unknown":{"config":[{}],"id":true,"tag":[]},"before_sensitive":false,"after_sensitive":{"config":[{}],"tag":[]}}}],"configuration":{"provider_config":{"aiven":{"name":"aiven","full_name":"registry.terraform.io/aiven/aiven","version_constraint":"3.6.0","expressions":{"api_token":{"references":["var.aiven_api_token"]}}},"aws":{"name":"aws","full_name":"registry.terraform.io/hashicorp/aws","expressions":{"access_key":{"constant_value":"mock"},"endpoints":[{"apigateway":{"constant_value":"http://localhost:4566"},"apigatewayv2":{"constant_value":"http://localhost:4566"},"cloudwatch":{"constant_value":"http://localhost:4566"},"cloudwatchevents":{"constant_value":"http://localhost:4566"},"dynamodb":{"constant_value":"http://localhost:4566"},"ec2":{"constant_value":"http://localhost:4566"},"ecr":{"constant_value":"http://localhost:4566"},"ecrpublic":{"constant_value":"http://localhost:4566"},"ecs":{"constant_value":"http://localhost:4566"},"efs":{"constant_value":"http://localhost:4566"},"iam":{"constant_value":"http://localhost:4566"},"kinesis":{"constant_value":"http://localhost:4566"},"kms":{"constant_value":"http://localhost:4566"},"lambda":{"constant_value":"http://localhost:4566"},"logs":{"constant_value":"http://localhost:4566"},"route53":{"constant_value":"http://localhost:4566"},"s3":{"constant_value":"http://localhost:4566"},"s3control":{"constant_value":"http://localhost:4566"},"secretsmanager":{"constant_value":"http://localhost:4566"},"sns":{"constant_value":"http://localhost:4566"},"sqs":{"constant_value":"http://localhost:4566"},"ssm":{"constant_value":"http://localhost:4566"},"sts":{"constant_value":"http://localhost:4566"}}],"region":{"constant_value":"us-east-1"},"s3_use_path_style":{"constant_value":true},"secret_key":{"constant_value":"mock"},"skip_credentials_validation":{"constant_value":true},"skip_metadata_api_check":{"constant_value":true},"skip_region_validation":{"constant_value":true},"skip_requesting_account_id":{"constant_value":true}}}},"root_module":{"resources":[{"address":"aiven_clickhouse.demo-clickhouse","mode":"managed","type":"aiven_clickhouse","name":"demo-clickhouse","provider_config_key":"aiven","expressions":{"cloud_name":{"references":["var.service_cloud"]},"plan":{"references":["var.service_plan_clickhouse"]},"project":{"references":["var.project_name"]},"service_name":{"references":["var.service_name_prefix"]}},"schema_version":0},{"address":"aiven_flink.demo-flink","mode":"managed","type":"aiven_flink","name":"demo-flink","provider_config_key":"aiven","expressions":{"cloud_name":{"references":["var.service_cloud"]},"flink_user_config":[{"parallelism_default":{"constant_value":3}}],"plan":{"references":["var.service_plan_flink"]},"project":{"references":["var.project_name"]},"service_name":{"references":["var.service_name_prefix"]},"termination_protection":{"constant_value":true}},"schema_version":0},{"address":"aiven_flink_job.demo-flink-job-digitransit-hfp-bus-position-flattening","mode":"managed","type":"aiven_flink_job","name":"demo-flink-job-digitransit-hfp-bus-position-flattening","provider_config_key":"aiven","expressions":{"job_name":{"constant_value":"digitransit_hfp_bus_positions_flatten"},"project":{"references":["var.project_name"]},"service_name":{"references":["aiven_flink.demo-flink.service_name","aiven_flink.demo-flink"]},"statement":{"references":["aiven_flink_table.demo-flink-table-digitransit-hfp-bus-positions-flattened.table_name","aiven_flink_table.demo-flink-table-digitransit-hfp-bus-positions-flattened","aiven_flink_table.demo-flink-table-digitransit-hfp-bus-positions-raw.table_name","aiven_flink_table.demo-flink-table-digitransit-hfp-bus-positions-raw","aiven_flink_table.demo-flink-table-digitransit-operators.table_name","aiven_flink_table.demo-flink-table-digitransit-operators"]},"table_ids":{"references":["aiven_flink_table.demo-flink-table-digitransit-hfp-bus-positions-raw.table_id","aiven_flink_table.demo-flink-table-digitransit-hfp-bus-positions-raw","aiven_flink_table.demo-flink-table-digitransit-hfp-bus-positions-flattened.table_id","aiven_flink_table.demo-flink-table-digitransit-hfp-bus-positions-flattened","aiven_flink_table.demo-flink-table-digitransit-operators.table_id","aiven_flink_table.demo-flink-table-digitransit-operators"]}},"schema_version":0},{"address":"aiven_flink_table.demo-flink-table-digitransit-hfp-bus-positions-flattened","mode":"managed","type":"aiven_flink_table","name":"demo-flink-table-digitransit-hfp-bus-positions-flattened","provider_config_key":"aiven","expressions":{"integration_id":{"references":["aiven_service_integration.demo-flink-kafka-integration.integration_id","aiven_service_integration.demo-flink-kafka-integration"]},"kafka_connector_type":{"constant_value":"kafka"},"kafka_startup_mode":{"constant_value":"latest-offset"},"kafka_topic":{"constant_value":"digitransit-hfp-bus-positions-flattened"},"kafka_value_format":{"constant_value":"json"},"project":{"references":["var.project_name"]},"schema_sql":{"constant_value":"    `desi` STRING,\n    `dir` STRING,\n    `oper` INT,\n    `oper_name` STRING,\n    `veh` INT,\n    `tst` STRING,\n    `tsi` INT,\n    `spd` FLOAT,\n    `hdg` INT,\n    `lat` FLOAT,\n    `long` FLOAT,\n    `acc` FLOAT,\n    `dl` INT,\n    `drst` INT,\n    `oday` STRING,\n    `start` STRING,\n    `loc` STRING,\n    `stop` STRING,\n    `route` STRING,\n    `occu` INT\n"},"service_name":{"references":["aiven_flink.demo-flink.service_name","aiven_flink.demo-flink"]},"table_name":{"constant_value":"digitransit_hfp_bus_positions_flattened"}},"schema_version":0},{"address":"aiven_flink_table.demo-flink-table-digitransit-hfp-bus-positions-raw","mode":"managed","type":"aiven_flink_table","name":"demo-flink-table-digitransit-hfp-bus-positions-raw","provider_config_key":"aiven","expressions":{"integration_id":{"references":["aiven_service_integration.demo-flink-kafka-integration.integration_id","aiven_service_integration.demo-flink-kafka-integration"]},"kafka_connector_type":{"constant_value":"kafka"},"kafka_startup_mode":{"constant_value":"latest-offset"},"kafka_topic":{"constant_value":"digitransit-hfp-bus-positions-raw"},"kafka_value_format":{"constant_value":"json"},"project":{"references":["var.project_name"]},"schema_sql":{"constant_value":"      `VP` ROW\u003c`desi` STRING,`dir` STRING,`oper` INT,`veh` INT,`tst` STRING,`tsi` INT,`spd` FLOAT,`hdg` INT,`lat` FLOAT,`long` FLOAT,`acc` FLOAT,`dl` INT,`drst` INT,`oday` STRING,`start` STRING,`loc` STRING,`stop` STRING,`route` STRING,`occu` INT\u003e\n"},"service_name":{"references":["aiven_flink.demo-flink.service_name","aiven_flink.demo-flink"]},"table_name":{"constant_value":"digitransit_hfp_bus_positions_raw"}},"schema_version":0},{"address":"aiven_flink_table.demo-flink-table-digitransit-operators","mode":"managed","type":"aiven_flink_table","name":"demo-flink-table-digitransit-operators","provider_config_key":"aiven","expressions":{"integration_id":{"references":["aiven_service_integration.demo-flink-postgres-integration.integration_id","aiven_service_integration.demo-flink-postgres-integration"]},"jdbc_table":{"constant_value":"public.digitransit_operators"},"project":{"references":["var.project_name"]},"schema_sql":{"constant_value":"    `id` INT PRIMARY KEY,\n    `name` STRING NOT NULL\n"},"service_name":{"references":["aiven_flink.demo-flink.service_name","aiven_flink.demo-flink"]},"table_name":{"constant_value":"digitransit_operators"}},"schema_version":0},{"address":"aiven_grafana.demo-metrics-dashboard","mode":"managed","type":"aiven_grafana","name":"demo-metrics-dashboard","provider_config_key":"aiven","expressions":{"cloud_name":{"references":["var.service_cloud"]},"grafana_user_config":[{"ip_filter":{"references":["var.allowed_ips"]},"public_access":[{"grafana":{"constant_value":true}}]}],"plan":{"references":["var.service_plan_grafana"]},"project":{"references":["var.project_name"]},"service_name":{"references":["var.service_name_prefix"]}},"schema_version":0},{"address":"aiven_kafka.demo-kafka","mode":"managed","type":"aiven_kafka","name":"demo-kafka","provider_config_key":"aiven","expressions":{"cloud_name":{"references":["var.service_cloud"]},"default_acl":{"constant_value":false},"kafka_user_config":[{"ip_filter":{"references":["var.allowed_ips"]},"kafka":[{"auto_create_topics_enable":{"constant_value":false}}],"kafka_connect":{"constant_value":false},"kafka_rest":{"constant_value":true},"kafka_version":{"references":["var.kafka_version"]},"public_access":[{"kafka":{"constant_value":false},"kafka_connect":{"constant_value":true},"kafka_rest":{"constant_value":false},"schema_registry":{"constant_value":false}}],"schema_registry":{"constant_value":true}}],"plan":{"references":["var.service_plan_kafka"]},"project":{"references":["var.project_name"]},"service_name":{"references":["var.service_name_prefix"]},"termination_protection":{"constant_value":false}},"schema_version":0},{"address":"aiven_kafka_connect.demo-kafka-connect","mode":"managed","type":"aiven_kafka_connect","name":"demo-kafka-connect","provider_config_key":"aiven","expressions":{"cloud_name":{"references":["var.service_cloud"]},"kafka_connect_user_config":[{"ip_filter":{"references":["var.allowed_ips"]},"public_access":[{"kafka_connect":{"constant_value":true},"prometheus":{"constant_value":true}}]}],"plan":{"references":["var.service_plan_kafka_connect"]},"project":{"references":["var.project_name"]},"service_name":{"references":["var.service_name_prefix"]}},"schema_version":0},{"address":"aiven_kafka_topic.demo-kafka-topic-digitransit-hfp-bus-positions-flattened","mode":"managed","type":"aiven_kafka_topic","name":"demo-kafka-topic-digitransit-hfp-bus-positions-flattened","provider_config_key":"aiven","expressions":{"config":[{"retention_ms":{"constant_value":1209600000}}],"partitions":{"constant_value":3},"project":{"references":["var.project_name"]},"replication":{"constant_value":3},"service_name":{"references":["aiven_kafka.demo-kafka.service_name","aiven_kafka.demo-kafka"]},"topic_name":{"constant_value":"digitransit-hfp-bus-positions-flattened"}},"schema_version":0},{"address":"aiven_m3db.demo-metrics","mode":"managed","type":"aiven_m3db","name":"demo-metrics","provider_config_key":"aiven","expressions":{"cloud_name":{"references":["var.service_cloud"]},"m3db_user_config":[{"ip_filter":{"references":["var.allowed_ips"]},"m3db_version":{"constant_value":"1.5"},"namespaces":[{"name":{"constant_value":"default"},"options":[{"retention_options":[{"blocksize_duration":{"constant_value":"2h"},"retention_period_duration":{"constant_value":"8d"}}]}],"type":{"constant_value":"unaggregated"}}]}],"plan":{"references":["var.service_plan_m3db"]},"project":{"references":["var.project_name"]},"service_name":{"references":["var.service_name_prefix"]}},"schema_version":0},{"address":"aiven_pg.demo-postgres","mode":"managed","type":"aiven_pg","name":"demo-postgres","provider_config_key":"aiven","expressions":{"cloud_name":{"references":["var.service_cloud"]},"pg_user_config":[{"pg_version":{"constant_value":"14"}}],"plan":{"references":["var.service_plan_pg"]},"project":{"references":["var.project_name"]},"service_name":{"references":["var.service_name_prefix"]}},"schema_version":0},{"address":"aiven_service_integration.demo-dashboard-integration","mode":"managed","type":"aiven_service_integration","name":"demo-dashboard-integration","provider_config_key":"aiven","expressions":{"destination_service_name":{"references":["aiven_m3db.demo-metrics.service_name","aiven_m3db.demo-metrics"]},"integration_type":{"constant_value":"dashboard"},"project":{"references":["var.project_name"]},"source_service_name":{"references":["aiven_grafana.demo-metrics-dashboard.service_name","aiven_grafana.demo-metrics-dashboard"]}},"schema_version":0},{"address":"aiven_service_integration.demo-flink-kafka-integration","mode":"managed","type":"aiven_service_integration","name":"demo-flink-kafka-integration","provider_config_key":"aiven","expressions":{"destination_service_name":{"references":["aiven_flink.demo-flink.service_name","aiven_flink.demo-flink"]},"integration_type":{"constant_value":"flink"},"project":{"references":["var.project_name"]},"source_service_name":{"references":["aiven_kafka.demo-kafka.service_name","aiven_kafka.demo-kafka"]}},"schema_version":0},{"address":"aiven_service_integration.demo-flink-postgres-integration","mode":"managed","type":"aiven_service_integration","name":"demo-flink-postgres-integration","provider_config_key":"aiven","expressions":{"destination_service_name":{"references":["aiven_flink.demo-flink.service_name","aiven_flink.demo-flink"]},"integration_type":{"constant_value":"flink"},"project":{"references":["var.project_name"]},"source_service_name":{"references":["aiven_pg.demo-postgres.service_name","aiven_pg.demo-postgres"]}},"schema_version":0},{"address":"aiven_service_integration.demo-kafka-connect-source-integration","mode":"managed","type":"aiven_service_integration","name":"demo-kafka-connect-source-integration","provider_config_key":"aiven","expressions":{"destination_service_name":{"references":["aiven_kafka_connect.demo-kafka-connect.service_name","aiven_kafka_connect.demo-kafka-connect"]},"integration_type":{"constant_value":"kafka_connect"},"project":{"references":["var.project_name"]},"source_service_name":{"references":["aiven_kafka.demo-kafka.service_name","aiven_kafka.demo-kafka"]}},"schema_version":0},{"address":"aiven_service_integration.demo-metrics-integration-flink","mode":"managed","type":"aiven_service_integration","name":"demo-metrics-integration-flink","provider_config_key":"aiven","expressions":{"destination_service_name":{"references":["aiven_m3db.demo-metrics.service_name","aiven_m3db.demo-metrics"]},"integration_type":{"constant_value":"metrics"},"project":{"references":["var.project_name"]},"source_service_name":{"references":["aiven_flink.demo-flink.service_name","aiven_flink.demo-flink"]}},"schema_version":0},{"address":"aiven_service_integration.demo-metrics-integration-kafka","mode":"managed","type":"aiven_service_integration","name":"demo-metrics-integration-kafka","provider_config_key":"aiven","expressions":{"destination_service_name":{"references":["aiven_m3db.demo-metrics.service_name","aiven_m3db.demo-metrics"]},"integration_type":{"constant_value":"metrics"},"project":{"references":["var.project_name"]},"source_service_name":{"references":["aiven_kafka.demo-kafka.service_name","aiven_kafka.demo-kafka"]}},"schema_version":0}],"module_calls":{"digitransit-hfp-bus-positions":{"source":"./digitransit-hfp","expressions":{"aiven_project_name":{"references":["var.project_name"]},"connect_integration":{"references":["aiven_service_integration.demo-kafka-connect-source-integration"]},"kafka_connect_service_name":{"references":["aiven_kafka_connect.demo-kafka-connect.service_name","aiven_kafka_connect.demo-kafka-connect"]},"kafka_service_name":{"references":["aiven_kafka.demo-kafka.service_name","aiven_kafka.demo-kafka"]},"kafka_topic_name":{"constant_value":"digitransit-hfp-bus-positions-raw"},"mqtt_topic_name":{"constant_value":"/hfp/v2/journey/ongoing/vp/bus/+/+/+/+/+/+/+/+/+/+/+/+"}},"module":{"resources":[{"address":"aiven_kafka_connector.digitransit-hfp-kafka-connector","mode":"managed","type":"aiven_kafka_connector","name":"digitransit-hfp-kafka-connector","provider_config_key":"aiven","expressions":{"config":{"references":["var.kafka_topic_name","var.kafka_topic_name","var.kafka_topic_name","var.mqtt_topic_name"]},"connector_name":{"references":["var.kafka_topic_name"]},"project":{"references":["var.aiven_project_name"]},"service_name":{"references":["var.kafka_connect_service_name"]}},"schema_version":0,"depends_on":["var.connect_integration"]},{"address":"aiven_kafka_topic.digitransit-hfp-kafka-topic","mode":"managed","type":"aiven_kafka_topic","name":"digitransit-hfp-kafka-topic","provider_config_key":"aiven","expressions":{"config":[{"retention_ms":{"constant_value":1209600000}}],"partitions":{"constant_value":3},"project":{"references":["var.aiven_project_name"]},"replication":{"constant_value":3},"service_name":{"references":["var.kafka_service_name"]},"topic_name":{"references":["var.kafka_topic_name"]}},"schema_version":0}],"variables":{"aiven_project_name":{},"connect_integration":{"default":[]},"kafka_connect_service_name":{},"kafka_service_name":{},"kafka_topic_name":{},"mqtt_topic_name":{}}}},"digitransit-hfp-train-positions":{"source":"./digitransit-hfp","expressions":{"aiven_project_name":{"references":["var.project_name"]},"connect_integration":{"references":["aiven_service_integration.demo-kafka-connect-source-integration"]},"kafka_connect_service_name":{"references":["aiven_kafka_connect.demo-kafka-connect.service_name","aiven_kafka_connect.demo-kafka-connect"]},"kafka_service_name":{"references":["aiven_kafka.demo-kafka.service_name","aiven_kafka.demo-kafka"]},"kafka_topic_name":{"constant_value":"digitransit-hfp-train-positions-raw"},"mqtt_topic_name":{"constant_value":"/hfp/v2/journey/ongoing/vp/train/+/+/+/+/+/+/+/+/+/+/+/+"}},"module":{"resources":[{"address":"aiven_kafka_connector.digitransit-hfp-kafka-connector","mode":"managed","type":"aiven_kafka_connector","name":"digitransit-hfp-kafka-connector","provider_config_key":"aiven","expressions":{"config":{"references":["var.kafka_topic_name","var.kafka_topic_name","var.kafka_topic_name","var.mqtt_topic_name"]},"connector_name":{"references":["var.kafka_topic_name"]},"project":{"references":["var.aiven_project_name"]},"service_name":{"references":["var.kafka_connect_service_name"]}},"schema_version":0,"depends_on":["var.connect_integration"]},{"address":"aiven_kafka_topic.digitransit-hfp-kafka-topic","mode":"managed","type":"aiven_kafka_topic","name":"digitransit-hfp-kafka-topic","provider_config_key":"aiven","expressions":{"config":[{"retention_ms":{"constant_value":1209600000}}],"partitions":{"constant_value":3},"project":{"references":["var.aiven_project_name"]},"replication":{"constant_value":3},"service_name":{"references":["var.kafka_service_name"]},"topic_name":{"references":["var.kafka_topic_name"]}},"schema_version":0}],"variables":{"aiven_project_name":{},"connect_integration":{"default":[]},"kafka_connect_service_name":{},"kafka_service_name":{},"kafka_topic_name":{},"mqtt_topic_name":{}}}}},"variables":{"aiven_api_token":{},"allowed_ips":{},"kafka_version":{},"project_name":{},"service_cloud":{},"service_cloud_alt":{},"service_cloud_flink":{},"service_name_prefix":{},"service_plan_clickhouse":{},"service_plan_flink":{},"service_plan_grafana":{},"service_plan_kafka":{},"service_plan_kafka_connect":{},"service_plan_m3db":{},"service_plan_opensearch":{},"service_plan_pg":{}}}},"relevant_attributes":[{"resource":"aiven_flink.demo-flink","attribute":["service_name"]},{"resource":"aiven_flink_table.demo-flink-table-digitransit-operators","attribute":["table_id"]},{"resource":"aiven_m3db.demo-metrics","attribute":["service_name"]},{"resource":"aiven_kafka.demo-kafka","attribute":["service_name"]},{"resource":"aiven_pg.demo-postgres","attribute":["service_name"]},{"resource":"aiven_flink_table.demo-flink-table-digitransit-hfp-bus-positions-raw","attribute":["table_name"]},{"resource":"aiven_kafka_connect.demo-kafka-connect","attribute":["service_name"]},{"resource":"aiven_flink_table.demo-flink-table-digitransit-hfp-bus-positions-raw","attribute":["table_id"]},{"resource":"aiven_flink_table.demo-flink-table-digitransit-operators","attribute":["table_name"]},{"resource":"aiven_grafana.demo-metrics-dashboard","attribute":["service_name"]},{"resource":"aiven_flink_table.demo-flink-table-digitransit-hfp-bus-positions-flattened","attribute":["table_id"]},{"resource":"aiven_flink_table.demo-flink-table-digitransit-hfp-bus-positions-flattened","attribute":["table_name"]},{"resource":"aiven_service_integration.demo-flink-kafka-integration","attribute":["integration_id"]},{"resource":"aiven_service_integration.demo-flink-postgres-integration","attribute":["integration_id"]}],"timestamp":"2026-01-22T19:59:05Z","applyable":true,"complete":true,"errored":false}
