
Terraform used the selected providers to generate the following execution
plan. Resource actions are indicated with the following symbols:
  + create

Terraform will perform the following actions:

  # aws_iam_policy.s3_write will be created
  + resource "aws_iam_policy" "s3_write" {
      + arn              = (known after apply)
      + attachment_count = (known after apply)
      + description      = "Allow writing objects to the Flink POC S3 bucket."
      + id               = (known after apply)
      + name             = (known after apply)
      + name_prefix      = (known after apply)
      + path             = "/"
      + policy           = (known after apply)
      + policy_id        = (known after apply)
      + tags_all         = {
          + "ManagedBy" = "terraform"
          + "Project"   = "flink-poc"
        }
    }

  # aws_iam_role.ecs_task_role will be created
  + resource "aws_iam_role" "ecs_task_role" {
      + arn                   = (known after apply)
      + assume_role_policy    = jsonencode(
            {
              + Statement = [
                  + {
                      + Action    = "sts:AssumeRole"
                      + Effect    = "Allow"
                      + Principal = {
                          + Service = "ecs-tasks.amazonaws.com"
                        }
                    },
                ]
              + Version   = "2012-10-17"
            }
        )
      + create_date           = (known after apply)
      + force_detach_policies = false
      + id                    = (known after apply)
      + managed_policy_arns   = (known after apply)
      + max_session_duration  = 3600
      + name                  = (known after apply)
      + name_prefix           = (known after apply)
      + path                  = "/"
      + tags_all              = {
          + "ManagedBy" = "terraform"
          + "Project"   = "flink-poc"
        }
      + unique_id             = (known after apply)

      + inline_policy (known after apply)
    }

  # aws_iam_role_policy_attachment.ecs_task_role_s3_write will be created
  + resource "aws_iam_role_policy_attachment" "ecs_task_role_s3_write" {
      + id         = (known after apply)
      + policy_arn = (known after apply)
      + role       = (known after apply)
    }

  # aws_s3_bucket.data will be created
  + resource "aws_s3_bucket" "data" {
      + acceleration_status         = (known after apply)
      + acl                         = (known after apply)
      + arn                         = (known after apply)
      + bucket                      = (known after apply)
      + bucket_domain_name          = (known after apply)
      + bucket_prefix               = (known after apply)
      + bucket_region               = (known after apply)
      + bucket_regional_domain_name = (known after apply)
      + force_destroy               = true
      + hosted_zone_id              = (known after apply)
      + id                          = (known after apply)
      + object_lock_enabled         = (known after apply)
      + policy                      = (known after apply)
      + region                      = "us-east-1"
      + request_payer               = (known after apply)
      + tags_all                    = {
          + "ManagedBy" = "terraform"
          + "Project"   = "flink-poc"
        }
      + website_domain              = (known after apply)
      + website_endpoint            = (known after apply)

      + cors_rule (known after apply)

      + grant (known after apply)

      + lifecycle_rule (known after apply)

      + logging (known after apply)

      + object_lock_configuration (known after apply)

      + replication_configuration (known after apply)

      + server_side_encryption_configuration (known after apply)

      + versioning (known after apply)

      + website (known after apply)
    }

  # aws_s3_bucket_public_access_block.data will be created
  + resource "aws_s3_bucket_public_access_block" "data" {
      + block_public_acls       = true
      + block_public_policy     = true
      + bucket                  = (known after apply)
      + id                      = (known after apply)
      + ignore_public_acls      = true
      + region                  = "us-east-1"
      + restrict_public_buckets = true
    }

  # aws_s3_bucket_server_side_encryption_configuration.data will be created
  + resource "aws_s3_bucket_server_side_encryption_configuration" "data" {
      + bucket = (known after apply)
      + id     = (known after apply)
      + region = "us-east-1"

      + rule {
          + blocked_encryption_types = []

          + apply_server_side_encryption_by_default {
              + sse_algorithm     = "AES256"
                # (1 unchanged attribute hidden)
            }
        }
    }

  # aws_s3_bucket_versioning.data will be created
  + resource "aws_s3_bucket_versioning" "data" {
      + bucket = (known after apply)
      + id     = (known after apply)
      + region = "us-east-1"

      + versioning_configuration {
          + mfa_delete = (known after apply)
          + status     = "Enabled"
        }
    }

  # random_id.suffix will be created
  + resource "random_id" "suffix" {
      + b64_std     = (known after apply)
      + b64_url     = (known after apply)
      + byte_length = 4
      + dec         = (known after apply)
      + hex         = (known after apply)
      + id          = (known after apply)
    }

Plan: 8 to add, 0 to change, 0 to destroy.

Changes to Outputs:
  + ecs_task_role_arn = (known after apply)
  + s3_bucket_arn     = (known after apply)
  + s3_bucket_name    = (known after apply)
random_id.suffix: Creating...
random_id.suffix: Creation complete after 0s [id=iI04oQ]
aws_iam_role.ecs_task_role: Creating...
aws_s3_bucket.data: Creating...
aws_iam_role.ecs_task_role: Creation complete after 0s [id=flink-poc-ecs-task-role-888d38a1]
aws_s3_bucket.data: Still creating... [00m10s elapsed]
aws_s3_bucket.data: Still creating... [00m20s elapsed]
aws_s3_bucket.data: Still creating... [00m30s elapsed]
aws_s3_bucket.data: Still creating... [00m40s elapsed]
aws_s3_bucket.data: Still creating... [00m50s elapsed]
aws_s3_bucket.data: Still creating... [01m00s elapsed]
aws_s3_bucket.data: Still creating... [01m10s elapsed]
aws_s3_bucket.data: Still creating... [01m20s elapsed]
aws_s3_bucket.data: Still creating... [01m30s elapsed]
aws_s3_bucket.data: Still creating... [01m40s elapsed]
aws_s3_bucket.data: Still creating... [01m50s elapsed]
aws_s3_bucket.data: Still creating... [02m00s elapsed]
aws_s3_bucket.data: Still creating... [02m10s elapsed]
aws_s3_bucket.data: Still creating... [02m20s elapsed]
aws_s3_bucket.data: Still creating... [02m30s elapsed]
aws_s3_bucket.data: Still creating... [02m40s elapsed]
aws_s3_bucket.data: Still creating... [02m50s elapsed]
