{"format_version":"1.2","terraform_version":"1.13.5","variables":{"acm_arn":{"value":"arn:aws:iam:us-east-1:000000000000:terraform"},"domain_name":{"value":"terraform"},"hosted_zone_id":{"value":"terraform"}},"planned_values":{"root_module":{"resources":[{"address":"aws_api_gateway_deployment.main","mode":"managed","type":"aws_api_gateway_deployment","name":"main","provider_name":"registry.terraform.io/hashicorp/aws","schema_version":0,"values":{"description":null,"region":"us-east-1","triggers":null,"variables":null},"sensitive_values":{}},{"address":"aws_api_gateway_integration.redirect","mode":"managed","type":"aws_api_gateway_integration","name":"redirect","provider_name":"registry.terraform.io/hashicorp/aws","schema_version":0,"values":{"cache_key_parameters":null,"connection_id":null,"connection_type":"INTERNET","content_handling":null,"credentials":null,"http_method":"GET","integration_http_method":"POST","integration_target":null,"region":"us-east-1","request_parameters":null,"request_templates":null,"timeout_milliseconds":29000,"tls_config":[],"type":"AWS_PROXY"},"sensitive_values":{"tls_config":[]}},{"address":"aws_api_gateway_integration.root","mode":"managed","type":"aws_api_gateway_integration","name":"root","provider_name":"registry.terraform.io/hashicorp/aws","schema_version":0,"values":{"cache_key_parameters":null,"connection_id":null,"connection_type":"INTERNET","content_handling":null,"http_method":"GET","integration_http_method":"GET","integration_target":null,"region":"us-east-1","request_parameters":null,"request_templates":null,"timeout_milliseconds":29000,"tls_config":[],"type":"AWS","uri":"arn:aws:apigateway:us-east-1:s3:path/terraform/index.html"},"sensitive_values":{"tls_config":[]}},{"address":"aws_api_gateway_integration.store","mode":"managed","type":"aws_api_gateway_integration","name":"store","provider_name":"registry.terraform.io/hashicorp/aws","schema_version":0,"values":{"cache_key_parameters":null,"connection_id":null,"connection_type":"INTERNET","content_handling":null,"credentials":null,"http_method":"POST","integration_http_method":"POST","integration_target":null,"region":"us-east-1","request_parameters":null,"request_templates":null,"timeout_milliseconds":29000,"tls_config":[],"type":"AWS_PROXY"},"sensitive_values":{"tls_config":[]}},{"address":"aws_api_gateway_integration_response.root_response","mode":"managed","type":"aws_api_gateway_integration_response","name":"root_response","provider_name":"registry.terraform.io/hashicorp/aws","schema_version":0,"values":{"content_handling":null,"http_method":"GET","region":"us-east-1","response_parameters":null,"response_templates":null,"selection_pattern":null,"status_code":"200"},"sensitive_values":{}},{"address":"aws_api_gateway_method.redirect","mode":"managed","type":"aws_api_gateway_method","name":"redirect","provider_name":"registry.terraform.io/hashicorp/aws","schema_version":0,"values":{"api_key_required":false,"authorization":"NONE","authorization_scopes":null,"authorizer_id":null,"http_method":"GET","operation_name":null,"region":"us-east-1","request_models":null,"request_parameters":null,"request_validator_id":null},"sensitive_values":{}},{"address":"aws_api_gateway_method.root","mode":"managed","type":"aws_api_gateway_method","name":"root","provider_name":"registry.terraform.io/hashicorp/aws","schema_version":0,"values":{"api_key_required":false,"authorization":"NONE","authorization_scopes":null,"authorizer_id":null,"http_method":"GET","operation_name":null,"region":"us-east-1","request_models":null,"request_parameters":null,"request_validator_id":null},"sensitive_values":{}},{"address":"aws_api_gateway_method.store","mode":"managed","type":"aws_api_gateway_method","name":"store","provider_name":"registry.terraform.io/hashicorp/aws","schema_version":0,"values":{"api_key_required":false,"authorization":"NONE","authorization_scopes":null,"authorizer_id":null,"http_method":"POST","operation_name":null,"region":"us-east-1","request_models":null,"request_parameters":null,"request_validator_id":null},"sensitive_values":{}},{"address":"aws_api_gateway_method_response.root_response_200","mode":"managed","type":"aws_api_gateway_method_response","name":"root_response_200","provider_name":"registry.terraform.io/hashicorp/aws","schema_version":0,"values":{"http_method":"GET","region":"us-east-1","response_models":{"text/html":"Empty"},"response_parameters":null,"status_code":"200"},"sensitive_values":{"response_models":{}}},{"address":"aws_api_gateway_resource.redirect","mode":"managed","type":"aws_api_gateway_resource","name":"redirect","provider_name":"registry.terraform.io/hashicorp/aws","schema_version":0,"values":{"path_part":"{short_url_id}","region":"us-east-1"},"sensitive_values":{}},{"address":"aws_api_gateway_resource.store","mode":"managed","type":"aws_api_gateway_resource","name":"store","provider_name":"registry.terraform.io/hashicorp/aws","schema_version":0,"values":{"path_part":"store","region":"us-east-1"},"sensitive_values":{}},{"address":"aws_api_gateway_rest_api.url_shortener","mode":"managed","type":"aws_api_gateway_rest_api","name":"url_shortener","provider_name":"registry.terraform.io/hashicorp/aws","schema_version":0,"values":{"body":null,"endpoint_configuration":[{"types":["REGIONAL"]}],"fail_on_warnings":null,"name":"url_shortener","parameters":null,"put_rest_api_mode":null,"region":"us-east-1","tags":null},"sensitive_values":{"binary_media_types":[],"endpoint_configuration":[{"types":[false],"vpc_endpoint_ids":[]}],"tags_all":{}}},{"address":"aws_api_gateway_stage.main","mode":"managed","type":"aws_api_gateway_stage","name":"main","provider_name":"registry.terraform.io/hashicorp/aws","schema_version":0,"values":{"access_log_settings":[],"cache_cluster_enabled":null,"cache_cluster_size":null,"canary_settings":[],"client_certificate_id":null,"description":null,"documentation_version":null,"region":"us-east-1","stage_name":"main","tags":null,"variables":null,"xray_tracing_enabled":null},"sensitive_values":{"access_log_settings":[],"canary_settings":[],"tags_all":{}}},{"address":"aws_apigatewayv2_api_mapping.url_shortener","mode":"managed","type":"aws_apigatewayv2_api_mapping","name":"url_shortener","provider_name":"registry.terraform.io/hashicorp/aws","schema_version":0,"values":{"api_mapping_key":null,"region":"us-east-1","stage":"main"},"sensitive_values":{}},{"address":"aws_apigatewayv2_domain_name.url_shortener","mode":"managed","type":"aws_apigatewayv2_domain_name","name":"url_shortener","provider_name":"registry.terraform.io/hashicorp/aws","schema_version":0,"values":{"domain_name":"terraform","domain_name_configuration":[{"certificate_arn":"arn:aws:iam:us-east-1:000000000000:terraform","endpoint_type":"REGIONAL","security_policy":"TLS_1_2"}],"mutual_tls_authentication":[],"region":"us-east-1","tags":null,"timeouts":null},"sensitive_values":{"domain_name_configuration":[{}],"mutual_tls_authentication":[],"tags_all":{}}},{"address":"aws_dynamodb_table.url_shortener","mode":"managed","type":"aws_dynamodb_table","name":"url_shortener","provider_name":"registry.terraform.io/hashicorp/aws","schema_version":1,"values":{"attribute":[{"name":"short_url_id","type":"S"}],"billing_mode":"PAY_PER_REQUEST","deletion_protection_enabled":null,"global_secondary_index":[],"hash_key":"short_url_id","import_table":[],"local_secondary_index":[],"name":"URLDB","on_demand_throughput":[],"range_key":null,"region":"us-east-1","replica":[],"restore_date_time":null,"restore_source_name":null,"restore_source_table_arn":null,"restore_to_latest_time":null,"stream_enabled":null,"table_class":null,"tags":{"Name":"URLDB"},"tags_all":{"Name":"URLDB"},"timeouts":null,"ttl":[{"attribute_name":"ttl","enabled":true}]},"sensitive_values":{"attribute":[{}],"global_secondary_index":[],"global_table_witness":[],"import_table":[],"local_secondary_index":[],"on_demand_throughput":[],"point_in_time_recovery":[],"replica":[],"server_side_encryption":[],"tags":{},"tags_all":{},"ttl":[{}],"warm_throughput":[]}},{"address":"aws_iam_role.apigateway","mode":"managed","type":"aws_iam_role","name":"apigateway","provider_name":"registry.terraform.io/hashicorp/aws","schema_version":0,"values":{"assume_role_policy":"{\"Statement\":[{\"Action\":\"sts:AssumeRole\",\"Effect\":\"Allow\",\"Principal\":{\"Service\":\"apigateway.amazonaws.com\"}}],\"Version\":\"2012-10-17\"}","description":null,"force_detach_policies":false,"max_session_duration":3600,"name":"url_shortener_apigateway_role","path":"/","permissions_boundary":null,"tags":null},"sensitive_values":{"inline_policy":[],"managed_policy_arns":[],"tags_all":{}},"identity_schema_version":0,"identity":{"account_id":null,"name":null}},{"address":"aws_iam_role.url_shortener","mode":"managed","type":"aws_iam_role","name":"url_shortener","provider_name":"registry.terraform.io/hashicorp/aws","schema_version":0,"values":{"assume_role_policy":"{\"Statement\":[{\"Action\":\"sts:AssumeRole\",\"Effect\":\"Allow\",\"Principal\":{\"Service\":\"lambda.amazonaws.com\"}}],\"Version\":\"2012-10-17\"}","description":null,"force_detach_policies":false,"max_session_duration":3600,"name":"url_shortener_lambda_role","path":"/","permissions_boundary":null,"tags":null},"sensitive_values":{"inline_policy":[],"managed_policy_arns":[],"tags_all":{}},"identity_schema_version":0,"identity":{"account_id":null,"name":null}},{"address":"aws_iam_role_policy.apigateway_s3_bucket","mode":"managed","type":"aws_iam_role_policy","name":"apigateway_s3_bucket","provider_name":"registry.terraform.io/hashicorp/aws","schema_version":0,"values":{"name":"s3_bucket"},"sensitive_values":{},"identity_schema_version":0,"identity":{"account_id":null,"name":null,"role":null}},{"address":"aws_iam_role_policy.dynamo_table","mode":"managed","type":"aws_iam_role_policy","name":"dynamo_table","provider_name":"registry.terraform.io/hashicorp/aws","schema_version":0,"values":{"name":"dynamo_table"},"sensitive_values":{},"identity_schema_version":0,"identity":{"account_id":null,"name":null,"role":null}},{"address":"aws_iam_role_policy_attachment.basic_exec","mode":"managed","type":"aws_iam_role_policy_attachment","name":"basic_exec","provider_name":"registry.terraform.io/hashicorp/aws","schema_version":0,"values":{"policy_arn":"arn:aws:iam::aws:policy/service-role/AWSLambdaBasicExecutionRole","role":"url_shortener_lambda_role"},"sensitive_values":{},"identity_schema_version":0,"identity":{"account_id":null,"policy_arn":null,"role":null}},{"address":"aws_lambda_function.url_shortener","mode":"managed","type":"aws_lambda_function","name":"url_shortener","provider_name":"registry.terraform.io/hashicorp/aws","schema_version":0,"values":{"capacity_provider_config":[],"code_signing_config_arn":null,"dead_letter_config":[],"description":null,"durable_config":[],"environment":[],"file_system_config":[],"filename":"./.dummy/lambda.zip","function_name":"url_shortener","handler":"lambda.handler","image_config":[],"image_uri":null,"kms_key_arn":null,"layers":["arn:aws:lambda:us-east-1:017000801446:layer:AWSLambdaPowertoolsPythonV2:77"],"memory_size":2048,"package_type":"Zip","publish":false,"publish_to":null,"region":"us-east-1","replace_security_groups_on_destroy":null,"replacement_security_group_ids":null,"reserved_concurrent_executions":-1,"runtime":"python3.12","s3_bucket":null,"s3_key":null,"s3_object_version":null,"skip_destroy":false,"snap_start":[],"source_kms_key_arn":null,"tags":null,"tenancy_config":[],"timeout":5,"timeouts":null,"vpc_config":[]},"sensitive_values":{"architectures":[],"capacity_provider_config":[],"dead_letter_config":[],"durable_config":[],"environment":[],"ephemeral_storage":[],"file_system_config":[],"image_config":[],"layers":[false],"logging_config":[],"snap_start":[],"tags_all":{},"tenancy_config":[],"tracing_config":[],"vpc_config":[]},"identity_schema_version":0,"identity":{"account_id":null,"function_name":null,"region":null}},{"address":"aws_lambda_permission.allow_apig","mode":"managed","type":"aws_lambda_permission","name":"allow_apig","provider_name":"registry.terraform.io/hashicorp/aws","schema_version":0,"values":{"action":"lambda:InvokeFunction","event_source_token":null,"function_name":"url_shortener","function_url_auth_type":null,"principal":"apigateway.amazonaws.com","principal_org_id":null,"qualifier":null,"region":"us-east-1","source_account":null,"statement_id":"AllowExecutionFromAPIG"},"sensitive_values":{},"identity_schema_version":0,"identity":{"account_id":null,"function_name":null,"qualifier":null,"region":null,"statement_id":null}},{"address":"aws_route53_record.secret","mode":"managed","type":"aws_route53_record","name":"secret","provider_name":"registry.terraform.io/hashicorp/aws","schema_version":2,"values":{"alias":[{"evaluate_target_health":false}],"cidr_routing_policy":[],"failover_routing_policy":[],"geolocation_routing_policy":[],"geoproximity_routing_policy":[],"health_check_id":null,"latency_routing_policy":[],"multivalue_answer_routing_policy":null,"name":"terraform","records":null,"set_identifier":null,"timeouts":null,"ttl":null,"type":"A","weighted_routing_policy":[],"zone_id":"terraform"},"sensitive_values":{"alias":[{}],"cidr_routing_policy":[],"failover_routing_policy":[],"geolocation_routing_policy":[],"geoproximity_routing_policy":[],"latency_routing_policy":[],"weighted_routing_policy":[]},"identity_schema_version":0,"identity":{"account_id":null,"name":null,"set_identifier":null,"type":null,"zone_id":null}},{"address":"aws_s3_bucket.url_shortener_site","mode":"managed","type":"aws_s3_bucket","name":"url_shortener_site","provider_name":"registry.terraform.io/hashicorp/aws","schema_version":0,"values":{"acl":"private","bucket":"terraform","force_destroy":false,"region":"us-east-1","tags":null,"timeouts":null},"sensitive_values":{"cors_rule":[],"grant":[],"lifecycle_rule":[],"logging":[],"object_lock_configuration":[],"replication_configuration":[],"server_side_encryption_configuration":[],"tags_all":{},"versioning":[],"website":[]},"identity_schema_version":0,"identity":{"account_id":null,"bucket":null,"region":null}},{"address":"aws_s3_bucket_public_access_block.site_block_all","mode":"managed","type":"aws_s3_bucket_public_access_block","name":"site_block_all","provider_name":"registry.terraform.io/hashicorp/aws","schema_version":0,"values":{"block_public_acls":true,"block_public_policy":true,"ignore_public_acls":true,"region":"us-east-1","restrict_public_buckets":true,"skip_destroy":null},"sensitive_values":{},"identity_schema_version":0,"identity":{"account_id":null,"bucket":null,"region":null}},{"address":"data.aws_iam_policy_document.apigateway_bucket_access","mode":"data","type":"aws_iam_policy_document","name":"apigateway_bucket_access","provider_name":"registry.terraform.io/hashicorp/aws","schema_version":0,"values":{"override_json":null,"override_policy_documents":null,"policy_id":null,"source_json":null,"source_policy_documents":null,"statement":[{"actions":["s3:GetObject"],"condition":[],"effect":null,"not_actions":null,"not_principals":[],"not_resources":null,"principals":[],"resources":[null],"sid":null}],"version":null},"sensitive_values":{"statement":[{"actions":[false],"condition":[],"not_principals":[],"principals":[],"resources":[false]}]}},{"address":"data.aws_iam_policy_document.dynamo_access","mode":"data","type":"aws_iam_policy_document","name":"dynamo_access","provider_name":"registry.terraform.io/hashicorp/aws","schema_version":0,"values":{"override_json":null,"override_policy_documents":null,"policy_id":null,"source_json":null,"source_policy_documents":null,"statement":[{"actions":["dynamodb:DeleteItem","dynamodb:GetItem","dynamodb:PutItem","dynamodb:UpdateItem"],"condition":[],"effect":null,"not_actions":null,"not_principals":[],"not_resources":null,"principals":[],"resources":[null],"sid":null}],"version":null},"sensitive_values":{"statement":[{"actions":[false,false,false,false],"condition":[],"not_principals":[],"principals":[],"resources":[false]}]}}]}},"resource_changes":[{"address":"data.aws_iam_policy_document.apigateway_bucket_access","mode":"data","type":"aws_iam_policy_document","name":"apigateway_bucket_access","provider_name":"registry.terraform.io/hashicorp/aws","change":{"actions":["read"],"before":null,"after":{"override_json":null,"override_policy_documents":null,"policy_id":null,"source_json":null,"source_policy_documents":null,"statement":[{"actions":["s3:GetObject"],"condition":[],"effect":null,"not_actions":null,"not_principals":[],"not_resources":null,"principals":[],"resources":[null],"sid":null}],"version":null},"after_unknown":{"id":true,"json":true,"minified_json":true,"statement":[{"actions":[false],"condition":[],"not_principals":[],"principals":[],"resources":[true]}]},"before_sensitive":false,"after_sensitive":{"statement":[{"actions":[false],"condition":[],"not_principals":[],"principals":[],"resources":[false]}]}},"action_reason":"read_because_config_unknown"},{"address":"data.aws_iam_policy_document.dynamo_access","mode":"data","type":"aws_iam_policy_document","name":"dynamo_access","provider_name":"registry.terraform.io/hashicorp/aws","change":{"actions":["read"],"before":null,"after":{"override_json":null,"override_policy_documents":null,"policy_id":null,"source_json":null,"source_policy_documents":null,"statement":[{"actions":["dynamodb:DeleteItem","dynamodb:GetItem","dynamodb:PutItem","dynamodb:UpdateItem"],"condition":[],"effect":null,"not_actions":null,"not_principals":[],"not_resources":null,"principals":[],"resources":[null],"sid":null}],"version":null},"after_unknown":{"id":true,"json":true,"minified_json":true,"statement":[{"actions":[false,false,false,false],"condition":[],"not_principals":[],"principals":[],"resources":[true]}]},"before_sensitive":false,"after_sensitive":{"statement":[{"actions":[false,false,false,false],"condition":[],"not_principals":[],"principals":[],"resources":[false]}]}},"action_reason":"read_because_config_unknown"},{"address":"aws_api_gateway_deployment.main","mode":"managed","type":"aws_api_gateway_deployment","name":"main","provider_name":"registry.terraform.io/hashicorp/aws","change":{"actions":["create"],"before":null,"after":{"description":null,"region":"us-east-1","triggers":null,"variables":null},"after_unknown":{"created_date":true,"id":true,"rest_api_id":true},"before_sensitive":false,"after_sensitive":{}}},{"address":"aws_api_gateway_integration.redirect","mode":"managed","type":"aws_api_gateway_integration","name":"redirect","provider_name":"registry.terraform.io/hashicorp/aws","change":{"actions":["create"],"before":null,"after":{"cache_key_parameters":null,"connection_id":null,"connection_type":"INTERNET","content_handling":null,"credentials":null,"http_method":"GET","integration_http_method":"POST","integration_target":null,"region":"us-east-1","request_parameters":null,"request_templates":null,"timeout_milliseconds":29000,"tls_config":[],"type":"AWS_PROXY"},"after_unknown":{"cache_namespace":true,"id":true,"passthrough_behavior":true,"resource_id":true,"response_transfer_mode":true,"rest_api_id":true,"tls_config":[],"uri":true},"before_sensitive":false,"after_sensitive":{"tls_config":[]}}},{"address":"aws_api_gateway_integration.root","mode":"managed","type":"aws_api_gateway_integration","name":"root","provider_name":"registry.terraform.io/hashicorp/aws","change":{"actions":["create"],"before":null,"after":{"cache_key_parameters":null,"connection_id":null,"connection_type":"INTERNET","content_handling":null,"http_method":"GET","integration_http_method":"GET","integration_target":null,"region":"us-east-1","request_parameters":null,"request_templates":null,"timeout_milliseconds":29000,"tls_config":[],"type":"AWS","uri":"arn:aws:apigateway:us-east-1:s3:path/terraform/index.html"},"after_unknown":{"cache_namespace":true,"credentials":true,"id":true,"passthrough_behavior":true,"resource_id":true,"response_transfer_mode":true,"rest_api_id":true,"tls_config":[]},"before_sensitive":false,"after_sensitive":{"tls_config":[]}}},{"address":"aws_api_gateway_integration.store","mode":"managed","type":"aws_api_gateway_integration","name":"store","provider_name":"registry.terraform.io/hashicorp/aws","change":{"actions":["create"],"before":null,"after":{"cache_key_parameters":null,"connection_id":null,"connection_type":"INTERNET","content_handling":null,"credentials":null,"http_method":"POST","integration_http_method":"POST","integration_target":null,"region":"us-east-1","request_parameters":null,"request_templates":null,"timeout_milliseconds":29000,"tls_config":[],"type":"AWS_PROXY"},"after_unknown":{"cache_namespace":true,"id":true,"passthrough_behavior":true,"resource_id":true,"response_transfer_mode":true,"rest_api_id":true,"tls_config":[],"uri":true},"before_sensitive":false,"after_sensitive":{"tls_config":[]}}},{"address":"aws_api_gateway_integration_response.root_response","mode":"managed","type":"aws_api_gateway_integration_response","name":"root_response","provider_name":"registry.terraform.io/hashicorp/aws","change":{"actions":["create"],"before":null,"after":{"content_handling":null,"http_method":"GET","region":"us-east-1","response_parameters":null,"response_templates":null,"selection_pattern":null,"status_code":"200"},"after_unknown":{"id":true,"resource_id":true,"rest_api_id":true},"before_sensitive":false,"after_sensitive":{}}},{"address":"aws_api_gateway_method.redirect","mode":"managed","type":"aws_api_gateway_method","name":"redirect","provider_name":"registry.terraform.io/hashicorp/aws","change":{"actions":["create"],"before":null,"after":{"api_key_required":false,"authorization":"NONE","authorization_scopes":null,"authorizer_id":null,"http_method":"GET","operation_name":null,"region":"us-east-1","request_models":null,"request_parameters":null,"request_validator_id":null},"after_unknown":{"id":true,"resource_id":true,"rest_api_id":true},"before_sensitive":false,"after_sensitive":{}}},{"address":"aws_api_gateway_method.root","mode":"managed","type":"aws_api_gateway_method","name":"root","provider_name":"registry.terraform.io/hashicorp/aws","change":{"actions":["create"],"before":null,"after":{"api_key_required":false,"authorization":"NONE","authorization_scopes":null,"authorizer_id":null,"http_method":"GET","operation_name":null,"region":"us-east-1","request_models":null,"request_parameters":null,"request_validator_id":null},"after_unknown":{"id":true,"resource_id":true,"rest_api_id":true},"before_sensitive":false,"after_sensitive":{}}},{"address":"aws_api_gateway_method.store","mode":"managed","type":"aws_api_gateway_method","name":"store","provider_name":"registry.terraform.io/hashicorp/aws","change":{"actions":["create"],"before":null,"after":{"api_key_required":false,"authorization":"NONE","authorization_scopes":null,"authorizer_id":null,"http_method":"POST","operation_name":null,"region":"us-east-1","request_models":null,"request_parameters":null,"request_validator_id":null},"after_unknown":{"id":true,"resource_id":true,"rest_api_id":true},"before_sensitive":false,"after_sensitive":{}}},{"address":"aws_api_gateway_method_response.root_response_200","mode":"managed","type":"aws_api_gateway_method_response","name":"root_response_200","provider_name":"registry.terraform.io/hashicorp/aws","change":{"actions":["create"],"before":null,"after":{"http_method":"GET","region":"us-east-1","response_models":{"text/html":"Empty"},"response_parameters":null,"status_code":"200"},"after_unknown":{"id":true,"resource_id":true,"response_models":{},"rest_api_id":true},"before_sensitive":false,"after_sensitive":{"response_models":{}}}},{"address":"aws_api_gateway_resource.redirect","mode":"managed","type":"aws_api_gateway_resource","name":"redirect","provider_name":"registry.terraform.io/hashicorp/aws","change":{"actions":["create"],"before":null,"after":{"path_part":"{short_url_id}","region":"us-east-1"},"after_unknown":{"id":true,"parent_id":true,"path":true,"rest_api_id":true},"before_sensitive":false,"after_sensitive":{}}},{"address":"aws_api_gateway_resource.store","mode":"managed","type":"aws_api_gateway_resource","name":"store","provider_name":"registry.terraform.io/hashicorp/aws","change":{"actions":["create"],"before":null,"after":{"path_part":"store","region":"us-east-1"},"after_unknown":{"id":true,"parent_id":true,"path":true,"rest_api_id":true},"before_sensitive":false,"after_sensitive":{}}},{"address":"aws_api_gateway_rest_api.url_shortener","mode":"managed","type":"aws_api_gateway_rest_api","name":"url_shortener","provider_name":"registry.terraform.io/hashicorp/aws","change":{"actions":["create"],"before":null,"after":{"body":null,"endpoint_configuration":[{"types":["REGIONAL"]}],"fail_on_warnings":null,"name":"url_shortener","parameters":null,"put_rest_api_mode":null,"region":"us-east-1","tags":null},"after_unknown":{"api_key_source":true,"arn":true,"binary_media_types":true,"created_date":true,"description":true,"disable_execute_api_endpoint":true,"endpoint_configuration":[{"ip_address_type":true,"types":[false],"vpc_endpoint_ids":true}],"execution_arn":true,"id":true,"minimum_compression_size":true,"policy":true,"root_resource_id":true,"tags_all":true},"before_sensitive":false,"after_sensitive":{"binary_media_types":[],"endpoint_configuration":[{"types":[false],"vpc_endpoint_ids":[]}],"tags_all":{}}}},{"address":"aws_api_gateway_stage.main","mode":"managed","type":"aws_api_gateway_stage","name":"main","provider_name":"registry.terraform.io/hashicorp/aws","change":{"actions":["create"],"before":null,"after":{"access_log_settings":[],"cache_cluster_enabled":null,"cache_cluster_size":null,"canary_settings":[],"client_certificate_id":null,"description":null,"documentation_version":null,"region":"us-east-1","stage_name":"main","tags":null,"variables":null,"xray_tracing_enabled":null},"after_unknown":{"access_log_settings":[],"arn":true,"canary_settings":[],"deployment_id":true,"execution_arn":true,"id":true,"invoke_url":true,"rest_api_id":true,"tags_all":true,"web_acl_arn":true},"before_sensitive":false,"after_sensitive":{"access_log_settings":[],"canary_settings":[],"tags_all":{}}}},{"address":"aws_apigatewayv2_api_mapping.url_shortener","mode":"managed","type":"aws_apigatewayv2_api_mapping","name":"url_shortener","provider_name":"registry.terraform.io/hashicorp/aws","change":{"actions":["create"],"before":null,"after":{"api_mapping_key":null,"region":"us-east-1","stage":"main"},"after_unknown":{"api_id":true,"domain_name":true,"id":true},"before_sensitive":false,"after_sensitive":{}}},{"address":"aws_apigatewayv2_domain_name.url_shortener","mode":"managed","type":"aws_apigatewayv2_domain_name","name":"url_shortener","provider_name":"registry.terraform.io/hashicorp/aws","change":{"actions":["create"],"before":null,"after":{"domain_name":"terraform","domain_name_configuration":[{"certificate_arn":"arn:aws:iam:us-east-1:000000000000:terraform","endpoint_type":"REGIONAL","security_policy":"TLS_1_2"}],"mutual_tls_authentication":[],"region":"us-east-1","tags":null,"timeouts":null},"after_unknown":{"api_mapping_selection_expression":true,"arn":true,"domain_name_configuration":[{"hosted_zone_id":true,"ip_address_type":true,"ownership_verification_certificate_arn":true,"target_domain_name":true}],"id":true,"mutual_tls_authentication":[],"tags_all":true},"before_sensitive":false,"after_sensitive":{"domain_name_configuration":[{}],"mutual_tls_authentication":[],"tags_all":{}}}},{"address":"aws_dynamodb_table.url_shortener","mode":"managed","type":"aws_dynamodb_table","name":"url_shortener","provider_name":"registry.terraform.io/hashicorp/aws","change":{"actions":["create"],"before":null,"after":{"attribute":[{"name":"short_url_id","type":"S"}],"billing_mode":"PAY_PER_REQUEST","deletion_protection_enabled":null,"global_secondary_index":[],"hash_key":"short_url_id","import_table":[],"local_secondary_index":[],"name":"URLDB","on_demand_throughput":[],"range_key":null,"region":"us-east-1","replica":[],"restore_date_time":null,"restore_source_name":null,"restore_source_table_arn":null,"restore_to_latest_time":null,"stream_enabled":null,"table_class":null,"tags":{"Name":"URLDB"},"tags_all":{"Name":"URLDB"},"timeouts":null,"ttl":[{"attribute_name":"ttl","enabled":true}]},"after_unknown":{"arn":true,"attribute":[{}],"global_secondary_index":[],"global_table_witness":true,"id":true,"import_table":[],"local_secondary_index":[],"on_demand_throughput":[],"point_in_time_recovery":true,"read_capacity":true,"replica":[],"server_side_encryption":true,"stream_arn":true,"stream_label":true,"stream_view_type":true,"tags":{},"tags_all":{},"ttl":[{}],"warm_throughput":true,"write_capacity":true},"before_sensitive":false,"after_sensitive":{"attribute":[{}],"global_secondary_index":[],"global_table_witness":[],"import_table":[],"local_secondary_index":[],"on_demand_throughput":[],"point_in_time_recovery":[],"replica":[],"server_side_encryption":[],"tags":{},"tags_all":{},"ttl":[{}],"warm_throughput":[]}}},{"address":"aws_iam_role.apigateway","mode":"managed","type":"aws_iam_role","name":"apigateway","provider_name":"registry.terraform.io/hashicorp/aws","change":{"actions":["create"],"before":null,"after":{"assume_role_policy":"{\"Statement\":[{\"Action\":\"sts:AssumeRole\",\"Effect\":\"Allow\",\"Principal\":{\"Service\":\"apigateway.amazonaws.com\"}}],\"Version\":\"2012-10-17\"}","description":null,"force_detach_policies":false,"max_session_duration":3600,"name":"url_shortener_apigateway_role","path":"/","permissions_boundary":null,"tags":null},"after_unknown":{"arn":true,"create_date":true,"id":true,"inline_policy":true,"managed_policy_arns":true,"name_prefix":true,"tags_all":true,"unique_id":true},"before_sensitive":false,"after_sensitive":{"inline_policy":[],"managed_policy_arns":[],"tags_all":{}},"after_identity":{"account_id":null,"name":null}}},{"address":"aws_iam_role.url_shortener","mode":"managed","type":"aws_iam_role","name":"url_shortener","provider_name":"registry.terraform.io/hashicorp/aws","change":{"actions":["create"],"before":null,"after":{"assume_role_policy":"{\"Statement\":[{\"Action\":\"sts:AssumeRole\",\"Effect\":\"Allow\",\"Principal\":{\"Service\":\"lambda.amazonaws.com\"}}],\"Version\":\"2012-10-17\"}","description":null,"force_detach_policies":false,"max_session_duration":3600,"name":"url_shortener_lambda_role","path":"/","permissions_boundary":null,"tags":null},"after_unknown":{"arn":true,"create_date":true,"id":true,"inline_policy":true,"managed_policy_arns":true,"name_prefix":true,"tags_all":true,"unique_id":true},"before_sensitive":false,"after_sensitive":{"inline_policy":[],"managed_policy_arns":[],"tags_all":{}},"after_identity":{"account_id":null,"name":null}}},{"address":"aws_iam_role_policy.apigateway_s3_bucket","mode":"managed","type":"aws_iam_role_policy","name":"apigateway_s3_bucket","provider_name":"registry.terraform.io/hashicorp/aws","change":{"actions":["create"],"before":null,"after":{"name":"s3_bucket"},"after_unknown":{"id":true,"name_prefix":true,"policy":true,"role":true},"before_sensitive":false,"after_sensitive":{},"after_identity":{"account_id":null,"name":null,"role":null}}},{"address":"aws_iam_role_policy.dynamo_table","mode":"managed","type":"aws_iam_role_policy","name":"dynamo_table","provider_name":"registry.terraform.io/hashicorp/aws","change":{"actions":["create"],"before":null,"after":{"name":"dynamo_table"},"after_unknown":{"id":true,"name_prefix":true,"policy":true,"role":true},"before_sensitive":false,"after_sensitive":{},"after_identity":{"account_id":null,"name":null,"role":null}}},{"address":"aws_iam_role_policy_attachment.basic_exec","mode":"managed","type":"aws_iam_role_policy_attachment","name":"basic_exec","provider_name":"registry.terraform.io/hashicorp/aws","change":{"actions":["create"],"before":null,"after":{"policy_arn":"arn:aws:iam::aws:policy/service-role/AWSLambdaBasicExecutionRole","role":"url_shortener_lambda_role"},"after_unknown":{"id":true},"before_sensitive":false,"after_sensitive":{},"after_identity":{"account_id":null,"policy_arn":null,"role":null}}},{"address":"aws_lambda_function.url_shortener","mode":"managed","type":"aws_lambda_function","name":"url_shortener","provider_name":"registry.terraform.io/hashicorp/aws","change":{"actions":["create"],"before":null,"after":{"capacity_provider_config":[],"code_signing_config_arn":null,"dead_letter_config":[],"description":null,"durable_config":[],"environment":[],"file_system_config":[],"filename":"./.dummy/lambda.zip","function_name":"url_shortener","handler":"lambda.handler","image_config":[],"image_uri":null,"kms_key_arn":null,"layers":["arn:aws:lambda:us-east-1:017000801446:layer:AWSLambdaPowertoolsPythonV2:77"],"memory_size":2048,"package_type":"Zip","publish":false,"publish_to":null,"region":"us-east-1","replace_security_groups_on_destroy":null,"replacement_security_group_ids":null,"reserved_concurrent_executions":-1,"runtime":"python3.12","s3_bucket":null,"s3_key":null,"s3_object_version":null,"skip_destroy":false,"snap_start":[],"source_kms_key_arn":null,"tags":null,"tenancy_config":[],"timeout":5,"timeouts":null,"vpc_config":[]},"after_unknown":{"architectures":true,"arn":true,"capacity_provider_config":[],"code_sha256":true,"dead_letter_config":[],"durable_config":[],"environment":[],"ephemeral_storage":true,"file_system_config":[],"id":true,"image_config":[],"invoke_arn":true,"last_modified":true,"layers":[false],"logging_config":true,"qualified_arn":true,"qualified_invoke_arn":true,"role":true,"signing_job_arn":true,"signing_profile_version_arn":true,"snap_start":[],"source_code_hash":true,"source_code_size":true,"tags_all":true,"tenancy_config":[],"tracing_config":true,"version":true,"vpc_config":[]},"before_sensitive":false,"after_sensitive":{"architectures":[],"capacity_provider_config":[],"dead_letter_config":[],"durable_config":[],"environment":[],"ephemeral_storage":[],"file_system_config":[],"image_config":[],"layers":[false],"logging_config":[],"snap_start":[],"tags_all":{},"tenancy_config":[],"tracing_config":[],"vpc_config":[]},"after_identity":{"account_id":null,"function_name":null,"region":null}}},{"address":"aws_lambda_permission.allow_apig","mode":"managed","type":"aws_lambda_permission","name":"allow_apig","provider_name":"registry.terraform.io/hashicorp/aws","change":{"actions":["create"],"before":null,"after":{"action":"lambda:InvokeFunction","event_source_token":null,"function_name":"url_shortener","function_url_auth_type":null,"principal":"apigateway.amazonaws.com","principal_org_id":null,"qualifier":null,"region":"us-east-1","source_account":null,"statement_id":"AllowExecutionFromAPIG"},"after_unknown":{"id":true,"source_arn":true,"statement_id_prefix":true},"before_sensitive":false,"after_sensitive":{},"after_identity":{"account_id":null,"function_name":null,"qualifier":null,"region":null,"statement_id":null}}},{"address":"aws_route53_record.secret","mode":"managed","type":"aws_route53_record","name":"secret","provider_name":"registry.terraform.io/hashicorp/aws","change":{"actions":["create"],"before":null,"after":{"alias":[{"evaluate_target_health":false}],"cidr_routing_policy":[],"failover_routing_policy":[],"geolocation_routing_policy":[],"geoproximity_routing_policy":[],"health_check_id":null,"latency_routing_policy":[],"multivalue_answer_routing_policy":null,"name":"terraform","records":null,"set_identifier":null,"timeouts":null,"ttl":null,"type":"A","weighted_routing_policy":[],"zone_id":"terraform"},"after_unknown":{"alias":[{"name":true,"zone_id":true}],"allow_overwrite":true,"cidr_routing_policy":[],"failover_routing_policy":[],"fqdn":true,"geolocation_routing_policy":[],"geoproximity_routing_policy":[],"id":true,"latency_routing_policy":[],"weighted_routing_policy":[]},"before_sensitive":false,"after_sensitive":{"alias":[{}],"cidr_routing_policy":[],"failover_routing_policy":[],"geolocation_routing_policy":[],"geoproximity_routing_policy":[],"latency_routing_policy":[],"weighted_routing_policy":[]},"after_identity":{"account_id":null,"name":null,"set_identifier":null,"type":null,"zone_id":null}}},{"address":"aws_s3_bucket.url_shortener_site","mode":"managed","type":"aws_s3_bucket","name":"url_shortener_site","provider_name":"registry.terraform.io/hashicorp/aws","change":{"actions":["create"],"before":null,"after":{"acl":"private","bucket":"terraform","force_destroy":false,"region":"us-east-1","tags":null,"timeouts":null},"after_unknown":{"acceleration_status":true,"arn":true,"bucket_domain_name":true,"bucket_prefix":true,"bucket_region":true,"bucket_regional_domain_name":true,"cors_rule":true,"grant":true,"hosted_zone_id":true,"id":true,"lifecycle_rule":true,"logging":true,"object_lock_configuration":true,"object_lock_enabled":true,"policy":true,"replication_configuration":true,"request_payer":true,"server_side_encryption_configuration":true,"tags_all":true,"versioning":true,"website":true,"website_domain":true,"website_endpoint":true},"before_sensitive":false,"after_sensitive":{"cors_rule":[],"grant":[],"lifecycle_rule":[],"logging":[],"object_lock_configuration":[],"replication_configuration":[],"server_side_encryption_configuration":[],"tags_all":{},"versioning":[],"website":[]},"after_identity":{"account_id":null,"bucket":null,"region":null}}},{"address":"aws_s3_bucket_public_access_block.site_block_all","mode":"managed","type":"aws_s3_bucket_public_access_block","name":"site_block_all","provider_name":"registry.terraform.io/hashicorp/aws","change":{"actions":["create"],"before":null,"after":{"block_public_acls":true,"block_public_policy":true,"ignore_public_acls":true,"region":"us-east-1","restrict_public_buckets":true,"skip_destroy":null},"after_unknown":{"bucket":true,"id":true},"before_sensitive":false,"after_sensitive":{},"after_identity":{"account_id":null,"bucket":null,"region":null}}}],"prior_state":{"format_version":"1.0","terraform_version":"1.13.5","values":{"root_module":{"resources":[{"address":"data.archive_file.lambda_dummy","mode":"data","type":"archive_file","name":"lambda_dummy","provider_name":"registry.terraform.io/hashicorp/archive","schema_version":0,"values":{"exclude_symlink_directories":null,"excludes":null,"id":"58e93fade67637870be5af38eff8d5aa66c7da49","output_base64sha256":"wmbalFzzY/wG3ivChKElOZB3+B4gptmQyIat05p+fU4=","output_base64sha512":"BQYAg1LwEY4tDmry1VoRx6StX0vjH+7LpfB5KAZLVvfJQjioPbBv1QxI6QF6P2U614fU3h9XKBCb9z5Y1ornqA==","output_file_mode":null,"output_md5":"a0dbd832a6a977d6d5b28ea5c85e30fb","output_path":"./.dummy/lambda.zip","output_sha":"58e93fade67637870be5af38eff8d5aa66c7da49","output_sha256":"c266da945cf363fc06de2bc284a125399077f81e20a6d990c886add39a7e7d4e","output_sha512":"0506008352f0118e2d0e6af2d55a11c7a4ad5f4be31feecba5f07928064b56f7c94238a83db06fd50c48e9017a3f653ad787d4de1f5728109bf73e58d68ae7a8","output_size":246,"source":[{"content":"exports.handler = async (event) =\u003e {\n  console.log(\"Dummy lambda invoked\");\n  return { statusCode: 200, body: \"dummy\" };\n};\n","filename":"index.js"}],"source_content":null,"source_content_filename":null,"source_dir":null,"source_file":null,"type":"zip"},"sensitive_values":{"source":[{}]}},{"address":"data.aws_iam_policy_document.apigateway_assume","mode":"data","type":"aws_iam_policy_document","name":"apigateway_assume","provider_name":"registry.terraform.io/hashicorp/aws","schema_version":0,"values":{"id":"2699642182","json":"{\n  \"Version\": \"2012-10-17\",\n  \"Statement\": [\n    {\n      \"Effect\": \"Allow\",\n      \"Action\": \"sts:AssumeRole\",\n      \"Principal\": {\n        \"Service\": \"apigateway.amazonaws.com\"\n      }\n    }\n  ]\n}","minified_json":"{\"Version\":\"2012-10-17\",\"Statement\":[{\"Effect\":\"Allow\",\"Action\":\"sts:AssumeRole\",\"Principal\":{\"Service\":\"apigateway.amazonaws.com\"}}]}","override_json":null,"override_policy_documents":null,"policy_id":null,"source_json":null,"source_policy_documents":null,"statement":[{"actions":["sts:AssumeRole"],"condition":[],"effect":"Allow","not_actions":[],"not_principals":[],"not_resources":[],"principals":[{"identifiers":["apigateway.amazonaws.com"],"type":"Service"}],"resources":[],"sid":""}],"version":"2012-10-17"},"sensitive_values":{"statement":[{"actions":[false],"condition":[],"not_actions":[],"not_principals":[],"not_resources":[],"principals":[{"identifiers":[false]}],"resources":[]}]}},{"address":"data.aws_iam_policy_document.lambda_assume","mode":"data","type":"aws_iam_policy_document","name":"lambda_assume","provider_name":"registry.terraform.io/hashicorp/aws","schema_version":0,"values":{"id":"2690255455","json":"{\n  \"Version\": \"2012-10-17\",\n  \"Statement\": [\n    {\n      \"Effect\": \"Allow\",\n      \"Action\": \"sts:AssumeRole\",\n      \"Principal\": {\n        \"Service\": \"lambda.amazonaws.com\"\n      }\n    }\n  ]\n}","minified_json":"{\"Version\":\"2012-10-17\",\"Statement\":[{\"Effect\":\"Allow\",\"Action\":\"sts:AssumeRole\",\"Principal\":{\"Service\":\"lambda.amazonaws.com\"}}]}","override_json":null,"override_policy_documents":null,"policy_id":null,"source_json":null,"source_policy_documents":null,"statement":[{"actions":["sts:AssumeRole"],"condition":[],"effect":"Allow","not_actions":[],"not_principals":[],"not_resources":[],"principals":[{"identifiers":["lambda.amazonaws.com"],"type":"Service"}],"resources":[],"sid":""}],"version":"2012-10-17"},"sensitive_values":{"statement":[{"actions":[false],"condition":[],"not_actions":[],"not_principals":[],"not_resources":[],"principals":[{"identifiers":[false]}],"resources":[]}]}}]}}},"configuration":{"provider_config":{"archive":{"name":"archive","full_name":"registry.terraform.io/hashicorp/archive","version_constraint":"\u003e= 2.0.0"},"aws":{"name":"aws","full_name":"registry.terraform.io/hashicorp/aws","version_constraint":"~\u003e 6.27.0","expressions":{"access_key":{"constant_value":"mock"},"endpoints":[{"apigateway":{"constant_value":"http://localhost:4566"},"apigatewayv2":{"constant_value":"http://localhost:4566"},"cloudwatch":{"constant_value":"http://localhost:4566"},"cloudwatchevents":{"constant_value":"http://localhost:4566"},"dynamodb":{"constant_value":"http://localhost:4566"},"ec2":{"constant_value":"http://localhost:4566"},"ecr":{"constant_value":"http://localhost:4566"},"ecrpublic":{"constant_value":"http://localhost:4566"},"ecs":{"constant_value":"http://localhost:4566"},"efs":{"constant_value":"http://localhost:4566"},"iam":{"constant_value":"http://localhost:4566"},"kinesis":{"constant_value":"http://localhost:4566"},"kms":{"constant_value":"http://localhost:4566"},"lambda":{"constant_value":"http://localhost:4566"},"logs":{"constant_value":"http://localhost:4566"},"route53":{"constant_value":"http://localhost:4566"},"s3":{"constant_value":"http://localhost:4566"},"s3control":{"constant_value":"http://localhost:4566"},"secretsmanager":{"constant_value":"http://localhost:4566"},"sns":{"constant_value":"http://localhost:4566"},"sqs":{"constant_value":"http://localhost:4566"},"ssm":{"constant_value":"http://localhost:4566"},"sts":{"constant_value":"http://localhost:4566"}}],"region":{"constant_value":"us-east-1"},"s3_use_path_style":{"constant_value":true},"secret_key":{"constant_value":"mock"},"skip_credentials_validation":{"constant_value":true},"skip_metadata_api_check":{"constant_value":true},"skip_region_validation":{"constant_value":true},"skip_requesting_account_id":{"constant_value":true}}}},"root_module":{"resources":[{"address":"aws_api_gateway_deployment.main","mode":"managed","type":"aws_api_gateway_deployment","name":"main","provider_config_key":"aws","expressions":{"rest_api_id":{"references":["aws_api_gateway_rest_api.url_shortener.id","aws_api_gateway_rest_api.url_shortener"]}},"schema_version":0,"depends_on":["aws_api_gateway_method_response.root_response_200"]},{"address":"aws_api_gateway_integration.redirect","mode":"managed","type":"aws_api_gateway_integration","name":"redirect","provider_config_key":"aws","expressions":{"http_method":{"references":["aws_api_gateway_method.redirect.http_method","aws_api_gateway_method.redirect"]},"integration_http_method":{"constant_value":"POST"},"resource_id":{"references":["aws_api_gateway_resource.redirect.id","aws_api_gateway_resource.redirect"]},"rest_api_id":{"references":["aws_api_gateway_rest_api.url_shortener.id","aws_api_gateway_rest_api.url_shortener"]},"type":{"constant_value":"AWS_PROXY"},"uri":{"references":["aws_lambda_function.url_shortener.invoke_arn","aws_lambda_function.url_shortener"]}},"schema_version":0},{"address":"aws_api_gateway_integration.root","mode":"managed","type":"aws_api_gateway_integration","name":"root","provider_config_key":"aws","expressions":{"credentials":{"references":["aws_iam_role.apigateway.arn","aws_iam_role.apigateway"]},"http_method":{"references":["aws_api_gateway_method.root.http_method","aws_api_gateway_method.root"]},"integration_http_method":{"constant_value":"GET"},"resource_id":{"references":["aws_api_gateway_rest_api.url_shortener.root_resource_id","aws_api_gateway_rest_api.url_shortener"]},"rest_api_id":{"references":["aws_api_gateway_rest_api.url_shortener.id","aws_api_gateway_rest_api.url_shortener"]},"type":{"constant_value":"AWS"},"uri":{"references":["var.domain_name"]}},"schema_version":0},{"address":"aws_api_gateway_integration.store","mode":"managed","type":"aws_api_gateway_integration","name":"store","provider_config_key":"aws","expressions":{"http_method":{"references":["aws_api_gateway_method.store.http_method","aws_api_gateway_method.store"]},"integration_http_method":{"constant_value":"POST"},"resource_id":{"references":["aws_api_gateway_resource.store.id","aws_api_gateway_resource.store"]},"rest_api_id":{"references":["aws_api_gateway_rest_api.url_shortener.id","aws_api_gateway_rest_api.url_shortener"]},"type":{"constant_value":"AWS_PROXY"},"uri":{"references":["aws_lambda_function.url_shortener.invoke_arn","aws_lambda_function.url_shortener"]}},"schema_version":0},{"address":"aws_api_gateway_integration_response.root_response","mode":"managed","type":"aws_api_gateway_integration_response","name":"root_response","provider_config_key":"aws","expressions":{"http_method":{"references":["aws_api_gateway_method.root.http_method","aws_api_gateway_method.root"]},"resource_id":{"references":["aws_api_gateway_rest_api.url_shortener.root_resource_id","aws_api_gateway_rest_api.url_shortener"]},"rest_api_id":{"references":["aws_api_gateway_rest_api.url_shortener.id","aws_api_gateway_rest_api.url_shortener"]},"status_code":{"references":["aws_api_gateway_method_response.root_response_200.status_code","aws_api_gateway_method_response.root_response_200"]}},"schema_version":0},{"address":"aws_api_gateway_method.redirect","mode":"managed","type":"aws_api_gateway_method","name":"redirect","provider_config_key":"aws","expressions":{"authorization":{"constant_value":"NONE"},"http_method":{"constant_value":"GET"},"resource_id":{"references":["aws_api_gateway_resource.redirect.id","aws_api_gateway_resource.redirect"]},"rest_api_id":{"references":["aws_api_gateway_rest_api.url_shortener.id","aws_api_gateway_rest_api.url_shortener"]}},"schema_version":0},{"address":"aws_api_gateway_method.root","mode":"managed","type":"aws_api_gateway_method","name":"root","provider_config_key":"aws","expressions":{"authorization":{"constant_value":"NONE"},"http_method":{"constant_value":"GET"},"resource_id":{"references":["aws_api_gateway_rest_api.url_shortener.root_resource_id","aws_api_gateway_rest_api.url_shortener"]},"rest_api_id":{"references":["aws_api_gateway_rest_api.url_shortener.id","aws_api_gateway_rest_api.url_shortener"]}},"schema_version":0},{"address":"aws_api_gateway_method.store","mode":"managed","type":"aws_api_gateway_method","name":"store","provider_config_key":"aws","expressions":{"authorization":{"constant_value":"NONE"},"http_method":{"constant_value":"POST"},"resource_id":{"references":["aws_api_gateway_resource.store.id","aws_api_gateway_resource.store"]},"rest_api_id":{"references":["aws_api_gateway_rest_api.url_shortener.id","aws_api_gateway_rest_api.url_shortener"]}},"schema_version":0},{"address":"aws_api_gateway_method_response.root_response_200","mode":"managed","type":"aws_api_gateway_method_response","name":"root_response_200","provider_config_key":"aws","expressions":{"http_method":{"references":["aws_api_gateway_method.root.http_method","aws_api_gateway_method.root"]},"resource_id":{"references":["aws_api_gateway_rest_api.url_shortener.root_resource_id","aws_api_gateway_rest_api.url_shortener"]},"response_models":{"constant_value":{"text/html":"Empty"}},"rest_api_id":{"references":["aws_api_gateway_rest_api.url_shortener.id","aws_api_gateway_rest_api.url_shortener"]},"status_code":{"constant_value":"200"}},"schema_version":0},{"address":"aws_api_gateway_resource.redirect","mode":"managed","type":"aws_api_gateway_resource","name":"redirect","provider_config_key":"aws","expressions":{"parent_id":{"references":["aws_api_gateway_rest_api.url_shortener.root_resource_id","aws_api_gateway_rest_api.url_shortener"]},"path_part":{"constant_value":"{short_url_id}"},"rest_api_id":{"references":["aws_api_gateway_rest_api.url_shortener.id","aws_api_gateway_rest_api.url_shortener"]}},"schema_version":0},{"address":"aws_api_gateway_resource.store","mode":"managed","type":"aws_api_gateway_resource","name":"store","provider_config_key":"aws","expressions":{"parent_id":{"references":["aws_api_gateway_rest_api.url_shortener.root_resource_id","aws_api_gateway_rest_api.url_shortener"]},"path_part":{"constant_value":"store"},"rest_api_id":{"references":["aws_api_gateway_rest_api.url_shortener.id","aws_api_gateway_rest_api.url_shortener"]}},"schema_version":0},{"address":"aws_api_gateway_rest_api.url_shortener","mode":"managed","type":"aws_api_gateway_rest_api","name":"url_shortener","provider_config_key":"aws","expressions":{"endpoint_configuration":[{"types":{"constant_value":["REGIONAL"]}}],"name":{"constant_value":"url_shortener"}},"schema_version":0},{"address":"aws_api_gateway_stage.main","mode":"managed","type":"aws_api_gateway_stage","name":"main","provider_config_key":"aws","expressions":{"deployment_id":{"references":["aws_api_gateway_deployment.main.id","aws_api_gateway_deployment.main"]},"rest_api_id":{"references":["aws_api_gateway_rest_api.url_shortener.id","aws_api_gateway_rest_api.url_shortener"]},"stage_name":{"constant_value":"main"}},"schema_version":0,"depends_on":["aws_api_gateway_method_response.root_response_200"]},{"address":"aws_apigatewayv2_api_mapping.url_shortener","mode":"managed","type":"aws_apigatewayv2_api_mapping","name":"url_shortener","provider_config_key":"aws","expressions":{"api_id":{"references":["aws_api_gateway_rest_api.url_shortener.id","aws_api_gateway_rest_api.url_shortener"]},"domain_name":{"references":["aws_apigatewayv2_domain_name.url_shortener.id","aws_apigatewayv2_domain_name.url_shortener"]},"stage":{"references":["aws_api_gateway_stage.main.stage_name","aws_api_gateway_stage.main"]}},"schema_version":0},{"address":"aws_apigatewayv2_domain_name.url_shortener","mode":"managed","type":"aws_apigatewayv2_domain_name","name":"url_shortener","provider_config_key":"aws","expressions":{"domain_name":{"references":["var.domain_name"]},"domain_name_configuration":[{"certificate_arn":{"references":["var.acm_arn"]},"endpoint_type":{"constant_value":"REGIONAL"},"security_policy":{"constant_value":"TLS_1_2"}}]},"schema_version":0},{"address":"aws_dynamodb_table.url_shortener","mode":"managed","type":"aws_dynamodb_table","name":"url_shortener","provider_config_key":"aws","expressions":{"attribute":[{"name":{"constant_value":"short_url_id"},"type":{"constant_value":"S"}}],"billing_mode":{"constant_value":"PAY_PER_REQUEST"},"hash_key":{"constant_value":"short_url_id"},"name":{"constant_value":"URLDB"},"tags":{"constant_value":{"Name":"URLDB"}},"ttl":[{"attribute_name":{"constant_value":"ttl"},"enabled":{"constant_value":true}}]},"schema_version":1},{"address":"aws_iam_role.apigateway","mode":"managed","type":"aws_iam_role","name":"apigateway","provider_config_key":"aws","expressions":{"assume_role_policy":{"references":["data.aws_iam_policy_document.apigateway_assume.json","data.aws_iam_policy_document.apigateway_assume"]},"name":{"constant_value":"url_shortener_apigateway_role"}},"schema_version":0},{"address":"aws_iam_role.url_shortener","mode":"managed","type":"aws_iam_role","name":"url_shortener","provider_config_key":"aws","expressions":{"assume_role_policy":{"references":["data.aws_iam_policy_document.lambda_assume.json","data.aws_iam_policy_document.lambda_assume"]},"name":{"constant_value":"url_shortener_lambda_role"}},"schema_version":0},{"address":"aws_iam_role_policy.apigateway_s3_bucket","mode":"managed","type":"aws_iam_role_policy","name":"apigateway_s3_bucket","provider_config_key":"aws","expressions":{"name":{"constant_value":"s3_bucket"},"policy":{"references":["data.aws_iam_policy_document.apigateway_bucket_access.json","data.aws_iam_policy_document.apigateway_bucket_access"]},"role":{"references":["aws_iam_role.apigateway.id","aws_iam_role.apigateway"]}},"schema_version":0},{"address":"aws_iam_role_policy.dynamo_table","mode":"managed","type":"aws_iam_role_policy","name":"dynamo_table","provider_config_key":"aws","expressions":{"name":{"constant_value":"dynamo_table"},"policy":{"references":["data.aws_iam_policy_document.dynamo_access.json","data.aws_iam_policy_document.dynamo_access"]},"role":{"references":["aws_iam_role.url_shortener.id","aws_iam_role.url_shortener"]}},"schema_version":0},{"address":"aws_iam_role_policy_attachment.basic_exec","mode":"managed","type":"aws_iam_role_policy_attachment","name":"basic_exec","provider_config_key":"aws","expressions":{"policy_arn":{"constant_value":"arn:aws:iam::aws:policy/service-role/AWSLambdaBasicExecutionRole"},"role":{"references":["aws_iam_role.url_shortener.name","aws_iam_role.url_shortener"]}},"schema_version":0},{"address":"aws_lambda_function.url_shortener","mode":"managed","type":"aws_lambda_function","name":"url_shortener","provider_config_key":"aws","expressions":{"filename":{"references":["local.lambda_dummy_zip"]},"function_name":{"constant_value":"url_shortener"},"handler":{"constant_value":"lambda.handler"},"layers":{"constant_value":["arn:aws:lambda:us-east-1:017000801446:layer:AWSLambdaPowertoolsPythonV2:77"]},"memory_size":{"constant_value":2048},"role":{"references":["aws_iam_role.url_shortener.arn","aws_iam_role.url_shortener"]},"runtime":{"constant_value":"python3.12"},"timeout":{"constant_value":5}},"schema_version":0},{"address":"aws_lambda_permission.allow_apig","mode":"managed","type":"aws_lambda_permission","name":"allow_apig","provider_config_key":"aws","expressions":{"action":{"constant_value":"lambda:InvokeFunction"},"function_name":{"references":["aws_lambda_function.url_shortener.function_name","aws_lambda_function.url_shortener"]},"principal":{"constant_value":"apigateway.amazonaws.com"},"source_arn":{"references":["aws_api_gateway_rest_api.url_shortener.execution_arn","aws_api_gateway_rest_api.url_shortener"]},"statement_id":{"constant_value":"AllowExecutionFromAPIG"}},"schema_version":0},{"address":"aws_route53_record.secret","mode":"managed","type":"aws_route53_record","name":"secret","provider_config_key":"aws","expressions":{"alias":[{"evaluate_target_health":{"constant_value":false},"name":{"references":["aws_apigatewayv2_domain_name.url_shortener.domain_name_configuration[0].target_domain_name","aws_apigatewayv2_domain_name.url_shortener.domain_name_configuration[0]","aws_apigatewayv2_domain_name.url_shortener.domain_name_configuration","aws_apigatewayv2_domain_name.url_shortener"]},"zone_id":{"references":["aws_apigatewayv2_domain_name.url_shortener.domain_name_configuration[0].hosted_zone_id","aws_apigatewayv2_domain_name.url_shortener.domain_name_configuration[0]","aws_apigatewayv2_domain_name.url_shortener.domain_name_configuration","aws_apigatewayv2_domain_name.url_shortener"]}}],"name":{"references":["var.domain_name"]},"type":{"constant_value":"A"},"zone_id":{"references":["var.hosted_zone_id"]}},"schema_version":2},{"address":"aws_s3_bucket.url_shortener_site","mode":"managed","type":"aws_s3_bucket","name":"url_shortener_site","provider_config_key":"aws","expressions":{"acl":{"constant_value":"private"},"bucket":{"references":["var.domain_name"]}},"schema_version":0},{"address":"aws_s3_bucket_public_access_block.site_block_all","mode":"managed","type":"aws_s3_bucket_public_access_block","name":"site_block_all","provider_config_key":"aws","expressions":{"block_public_acls":{"constant_value":true},"block_public_policy":{"constant_value":true},"bucket":{"references":["aws_s3_bucket.url_shortener_site.id","aws_s3_bucket.url_shortener_site"]},"ignore_public_acls":{"constant_value":true},"restrict_public_buckets":{"constant_value":true}},"schema_version":0},{"address":"data.archive_file.lambda_dummy","mode":"data","type":"archive_file","name":"lambda_dummy","provider_config_key":"archive","expressions":{"output_path":{"references":["local.lambda_dummy_zip"]},"source":[{"content":{"constant_value":"exports.handler = async (event) =\u003e {\n  console.log(\"Dummy lambda invoked\");\n  return { statusCode: 200, body: \"dummy\" };\n};\n"},"filename":{"constant_value":"index.js"}}],"type":{"constant_value":"zip"}},"schema_version":0},{"address":"data.aws_iam_policy_document.apigateway_assume","mode":"data","type":"aws_iam_policy_document","name":"apigateway_assume","provider_config_key":"aws","expressions":{"statement":[{"actions":{"constant_value":["sts:AssumeRole"]},"principals":[{"identifiers":{"constant_value":["apigateway.amazonaws.com"]},"type":{"constant_value":"Service"}}]}]},"schema_version":0},{"address":"data.aws_iam_policy_document.apigateway_bucket_access","mode":"data","type":"aws_iam_policy_document","name":"apigateway_bucket_access","provider_config_key":"aws","expressions":{"statement":[{"actions":{"constant_value":["s3:GetObject"]},"resources":{"references":["aws_s3_bucket.url_shortener_site.arn","aws_s3_bucket.url_shortener_site"]}}]},"schema_version":0},{"address":"data.aws_iam_policy_document.dynamo_access","mode":"data","type":"aws_iam_policy_document","name":"dynamo_access","provider_config_key":"aws","expressions":{"statement":[{"actions":{"constant_value":["dynamodb:DeleteItem","dynamodb:GetItem","dynamodb:PutItem","dynamodb:UpdateItem"]},"resources":{"references":["aws_dynamodb_table.url_shortener.arn","aws_dynamodb_table.url_shortener"]}}]},"schema_version":0},{"address":"data.aws_iam_policy_document.lambda_assume","mode":"data","type":"aws_iam_policy_document","name":"lambda_assume","provider_config_key":"aws","expressions":{"statement":[{"actions":{"constant_value":["sts:AssumeRole"]},"principals":[{"identifiers":{"constant_value":["lambda.amazonaws.com"]},"type":{"constant_value":"Service"}}]}]},"schema_version":0}],"variables":{"acm_arn":{},"domain_name":{},"hosted_zone_id":{}}}},"relevant_attributes":[{"resource":"aws_api_gateway_method.redirect","attribute":["http_method"]},{"resource":"aws_apigatewayv2_domain_name.url_shortener","attribute":["id"]},{"resource":"aws_api_gateway_rest_api.url_shortener","attribute":["id"]},{"resource":"aws_api_gateway_resource.redirect","attribute":["id"]},{"resource":"data.aws_iam_policy_document.apigateway_bucket_access","attribute":["json"]},{"resource":"aws_iam_role.apigateway","attribute":["id"]},{"resource":"aws_s3_bucket.url_shortener_site","attribute":["arn"]},{"resource":"aws_api_gateway_method_response.root_response_200","attribute":["status_code"]},{"resource":"aws_iam_role.apigateway","attribute":["arn"]},{"resource":"data.aws_iam_policy_document.apigateway_assume","attribute":["json"]},{"resource":"aws_api_gateway_method.store","attribute":["http_method"]},{"resource":"aws_iam_role.url_shortener","attribute":["arn"]},{"resource":"aws_api_gateway_method.root","attribute":["http_method"]},{"resource":"aws_apigatewayv2_domain_name.url_shortener","attribute":["domain_name_configuration",0,"target_domain_name"]},{"resource":"aws_dynamodb_table.url_shortener","attribute":["arn"]},{"resource":"data.aws_iam_policy_document.dynamo_access","attribute":["json"]},{"resource":"aws_api_gateway_resource.store","attribute":["id"]},{"resource":"aws_iam_role.url_shortener","attribute":["name"]},{"resource":"aws_api_gateway_deployment.main","attribute":["id"]},{"resource":"aws_api_gateway_rest_api.url_shortener","attribute":["execution_arn"]},{"resource":"data.aws_iam_policy_document.lambda_assume","attribute":["json"]},{"resource":"aws_api_gateway_rest_api.url_shortener","attribute":["root_resource_id"]},{"resource":"aws_api_gateway_stage.main","attribute":["stage_name"]},{"resource":"aws_lambda_function.url_shortener","attribute":["function_name"]},{"resource":"aws_apigatewayv2_domain_name.url_shortener","attribute":["domain_name_configuration",0,"hosted_zone_id"]},{"resource":"aws_lambda_function.url_shortener","attribute":["invoke_arn"]},{"resource":"aws_iam_role.url_shortener","attribute":["id"]},{"resource":"aws_s3_bucket.url_shortener_site","attribute":["id"]}],"timestamp":"2026-01-22T18:26:33Z","applyable":true,"complete":true,"errored":false}
