data.aws_vpc.default: Reading...
data.aws_ami.al2023: Reading...
data.aws_vpc.default: Read complete after 0s [id=vpc-5d1ba1ab61e8f5709]
data.aws_subnets.default: Reading...
data.aws_subnets.default: Read complete after 0s [id=us-east-1]
data.aws_ami.al2023: Read complete after 3s [id=ami-07c1fa5792ef8fe27]

Terraform used the selected providers to generate the following execution
plan. Resource actions are indicated with the following symbols:
  + create

Terraform will perform the following actions:

  # aws_instance.minecraft will be created
  + resource "aws_instance" "minecraft" {
      + ami                                  = "ami-07c1fa5792ef8fe27"
      + arn                                  = (known after apply)
      + associate_public_ip_address          = true
      + availability_zone                    = (known after apply)
      + disable_api_stop                     = (known after apply)
      + disable_api_termination              = (known after apply)
      + ebs_optimized                        = (known after apply)
      + enable_primary_ipv6                  = (known after apply)
      + force_destroy                        = false
      + get_password_data                    = false
      + host_id                              = (known after apply)
      + host_resource_group_arn              = (known after apply)
      + iam_instance_profile                 = (known after apply)
      + id                                   = (known after apply)
      + instance_initiated_shutdown_behavior = (known after apply)
      + instance_lifecycle                   = (known after apply)
      + instance_state                       = (known after apply)
      + instance_type                        = "t3.small"
      + ipv6_address_count                   = (known after apply)
      + ipv6_addresses                       = (known after apply)
      + key_name                             = (known after apply)
      + monitoring                           = (known after apply)
      + outpost_arn                          = (known after apply)
      + password_data                        = (known after apply)
      + placement_group                      = (known after apply)
      + placement_group_id                   = (known after apply)
      + placement_partition_number           = (known after apply)
      + primary_network_interface_id         = (known after apply)
      + private_dns                          = (known after apply)
      + private_ip                           = (known after apply)
      + public_dns                           = (known after apply)
      + public_ip                            = (known after apply)
      + region                               = "us-east-1"
      + secondary_private_ips                = (known after apply)
      + security_groups                      = (known after apply)
      + source_dest_check                    = true
      + spot_instance_request_id             = (known after apply)
      + subnet_id                            = "subnet-384afd6c31ec5f256"
      + tags                                 = {
          + "Name" = "phantosio-minecraft-host"
        }
      + tags_all                             = {
          + "Managed" = "terraform"
          + "Name"    = "phantosio-minecraft-host"
          + "Project" = "phantosio-minecraft"
        }
      + tenancy                              = (known after apply)
      + user_data                            = (sensitive value)
      + user_data_base64                     = (known after apply)
      + user_data_replace_on_change          = false
      + vpc_security_group_ids               = (known after apply)

      + capacity_reservation_specification (known after apply)

      + cpu_options (known after apply)

      + ebs_block_device (known after apply)

      + enclave_options (known after apply)

      + ephemeral_block_device (known after apply)

      + instance_market_options (known after apply)

      + maintenance_options (known after apply)

      + metadata_options (known after apply)

      + network_interface (known after apply)

      + primary_network_interface (known after apply)

      + private_dns_name_options (known after apply)

      + root_block_device (known after apply)
    }

  # aws_security_group.minecraft will be created
  + resource "aws_security_group" "minecraft" {
      + arn                    = (known after apply)
      + description            = "Security group for Minecraft host"
      + egress                 = [
          + {
              + cidr_blocks      = [
                  + "0.0.0.0/0",
                ]
              + from_port        = 0
              + ipv6_cidr_blocks = []
              + prefix_list_ids  = []
              + protocol         = "-1"
              + security_groups  = []
              + self             = false
              + to_port          = 0
                # (1 unchanged attribute hidden)
            },
        ]
      + id                     = (known after apply)
      + ingress                = [
          + {
              + cidr_blocks      = [
                  + "0.0.0.0/0",
                ]
              + description      = "Minecraft"
              + from_port        = 25565
              + ipv6_cidr_blocks = []
              + prefix_list_ids  = []
              + protocol         = "tcp"
              + security_groups  = []
              + self             = false
              + to_port          = 25565
            },
          + {
              + cidr_blocks      = [
                  + "0.0.0.0/0",
                ]
              + description      = "RCON Web Admin"
              + from_port        = 4326
              + ipv6_cidr_blocks = []
              + prefix_list_ids  = []
              + protocol         = "tcp"
              + security_groups  = []
              + self             = false
              + to_port          = 4326
            },
          + {
              + cidr_blocks      = [
                  + "0.0.0.0/0",
                ]
              + description      = "RCON"
              + from_port        = 25575
              + ipv6_cidr_blocks = []
              + prefix_list_ids  = []
              + protocol         = "tcp"
              + security_groups  = []
              + self             = false
              + to_port          = 25575
            },
        ]
      + name                   = (known after apply)
      + name_prefix            = "phantosio-minecraft-"
      + owner_id               = (known after apply)
      + region                 = "us-east-1"
      + revoke_rules_on_delete = false
      + tags_all               = {
          + "Managed" = "terraform"
          + "Project" = "phantosio-minecraft"
        }
      + vpc_id                 = "vpc-5d1ba1ab61e8f5709"
    }

Plan: 2 to add, 0 to change, 0 to destroy.

Changes to Outputs:
  + instance_id       = (known after apply)
  + minecraft_address = (known after apply)
  + public_ip         = (known after apply)
  + rcon_web_url      = (known after apply)
aws_security_group.minecraft: Creating...
aws_security_group.minecraft: Creation complete after 0s [id=sg-ad30199fac0970df7]
aws_instance.minecraft: Creating...
aws_instance.minecraft: Still creating... [00m10s elapsed]
aws_instance.minecraft: Creation complete after 15s [id=i-a8648f2298362af1c]

Apply complete! Resources: 2 added, 0 changed, 0 destroyed.

Outputs:

instance_id = "i-a8648f2298362af1c"
minecraft_address = "54.214.15.78:25565"
public_ip = "54.214.15.78"
rcon_web_url = "http://54.214.15.78:4326"
