data.aws_region.current: Reading...
data.aws_vpc.default: Reading...
data.aws_region.current: Read complete after 0s [id=us-east-1]
data.aws_vpc.default: Read complete after 0s [id=vpc-2f3d3b016cf927dc6]
data.aws_subnets.default: Reading...
data.aws_subnets.default: Read complete after 0s [id=us-east-1]

Terraform used the selected providers to generate the following execution
plan. Resource actions are indicated with the following symbols:
  + create

Terraform will perform the following actions:

  # aws_cloudwatch_log_group.app will be created
  + resource "aws_cloudwatch_log_group" "app" {
      + arn               = (known after apply)
      + id                = (known after apply)
      + log_group_class   = (known after apply)
      + name              = "/ecs/helloapp"
      + name_prefix       = (known after apply)
      + retention_in_days = 7
      + skip_destroy      = false
      + tags_all          = {
          + "ManagedBy" = "terraform"
          + "Project"   = "helloapp"
        }
    }

  # aws_ecs_cluster.this will be created
  + resource "aws_ecs_cluster" "this" {
      + arn      = (known after apply)
      + id       = (known after apply)
      + name     = "helloapp-cluster"
      + tags_all = {
          + "ManagedBy" = "terraform"
          + "Project"   = "helloapp"
        }

      + setting (known after apply)
    }

  # aws_ecs_service.this will be created
  + resource "aws_ecs_service" "this" {
      + availability_zone_rebalancing      = "DISABLED"
      + cluster                            = (known after apply)
      + deployment_maximum_percent         = 200
      + deployment_minimum_healthy_percent = 100
      + desired_count                      = 1
      + enable_ecs_managed_tags            = false
      + enable_execute_command             = false
      + iam_role                           = (known after apply)
      + id                                 = (known after apply)
      + launch_type                        = "FARGATE"
      + name                               = "helloapp-svc"
      + platform_version                   = (known after apply)
      + scheduling_strategy                = "REPLICA"
      + tags_all                           = {
          + "ManagedBy" = "terraform"
          + "Project"   = "helloapp"
        }
      + task_definition                    = (known after apply)
      + triggers                           = (known after apply)
      + wait_for_steady_state              = false

      + network_configuration {
          + assign_public_ip = true
          + security_groups  = (known after apply)
          + subnets          = [
              + "subnet-2e8b1132f815a5d80",
              + "subnet-3ea6c248ec8eedffd",
              + "subnet-5f453f4dcca86b106",
              + "subnet-b50bb22d5fa751f4d",
              + "subnet-d8fac3c93075450a7",
              + "subnet-deb6d1eb1d5ce38c1",
            ]
        }
    }

  # aws_ecs_task_definition.this will be created
  + resource "aws_ecs_task_definition" "this" {
      + arn                      = (known after apply)
      + arn_without_revision     = (known after apply)
      + container_definitions    = jsonencode(
            [
              + {
                  + essential        = true
                  + image            = "public.ecr.aws/docker/library/nginx:stable"
                  + logConfiguration = {
                      + logDriver = "awslogs"
                      + options   = {
                          + awslogs-group         = "/ecs/helloapp"
                          + awslogs-region        = "us-east-1"
                          + awslogs-stream-prefix = "ecs"
                        }
                    }
                  + name             = "helloapp"
                  + portMappings     = [
                      + {
                          + containerPort = 8080
                          + hostPort      = 8080
                          + protocol      = "tcp"
                        },
                    ]
                },
            ]
        )
      + cpu                      = "256"
      + enable_fault_injection   = (known after apply)
      + execution_role_arn       = (known after apply)
      + family                   = "helloapp"
      + id                       = (known after apply)
      + memory                   = "512"
      + network_mode             = "awsvpc"
      + requires_compatibilities = [
          + "FARGATE",
        ]
      + revision                 = (known after apply)
      + skip_destroy             = false
      + tags_all                 = {
          + "ManagedBy" = "terraform"
          + "Project"   = "helloapp"
        }
      + track_latest             = false
    }

  # aws_iam_role.task_execution will be created
  + resource "aws_iam_role" "task_execution" {
      + arn                   = (known after apply)
      + assume_role_policy    = jsonencode(
            {
              + Statement = [
                  + {
                      + Action    = "sts:AssumeRole"
                      + Effect    = "Allow"
                      + Principal = {
                          + Service = "ecs-tasks.amazonaws.com"
                        }
                    },
                ]
              + Version   = "2012-10-17"
            }
        )
      + create_date           = (known after apply)
      + force_detach_policies = false
      + id                    = (known after apply)
      + managed_policy_arns   = (known after apply)
      + max_session_duration  = 3600
      + name                  = "helloapp-task-exec"
      + name_prefix           = (known after apply)
      + path                  = "/"
      + tags_all              = {
          + "ManagedBy" = "terraform"
          + "Project"   = "helloapp"
        }
      + unique_id             = (known after apply)

      + inline_policy (known after apply)
    }

  # aws_iam_role_policy_attachment.task_execution will be created
  + resource "aws_iam_role_policy_attachment" "task_execution" {
      + id         = (known after apply)
      + policy_arn = "arn:aws:iam::aws:policy/service-role/AmazonECSTaskExecutionRolePolicy"
      + role       = "helloapp-task-exec"
    }

  # aws_security_group.service will be created
  + resource "aws_security_group" "service" {
      + arn                    = (known after apply)
      + description            = "Security group for helloapp ECS service"
      + egress                 = [
          + {
              + cidr_blocks      = [
                  + "0.0.0.0/0",
                ]
              + from_port        = 0
              + ipv6_cidr_blocks = []
              + prefix_list_ids  = []
              + protocol         = "-1"
              + security_groups  = []
              + self             = false
              + to_port          = 0
                # (1 unchanged attribute hidden)
            },
        ]
      + id                     = (known after apply)
      + ingress                = [
          + {
              + cidr_blocks      = [
                  + "0.0.0.0/0",
                ]
              + description      = "HTTP to container"
              + from_port        = 8080
              + ipv6_cidr_blocks = []
              + prefix_list_ids  = []
              + protocol         = "tcp"
              + security_groups  = []
              + self             = false
              + to_port          = 8080
            },
        ]
      + name                   = "helloapp-svc-sg"
      + name_prefix            = (known after apply)
      + owner_id               = (known after apply)
      + revoke_rules_on_delete = false
      + tags_all               = {
          + "ManagedBy" = "terraform"
          + "Project"   = "helloapp"
        }
      + vpc_id                 = "vpc-2f3d3b016cf927dc6"
    }

Plan: 7 to add, 0 to change, 0 to destroy.

Changes to Outputs:
  + ecs_cluster_name    = "helloapp-cluster"
  + ecs_service_name    = "helloapp-svc"
  + security_group_id   = (known after apply)
  + task_definition_arn = (known after apply)
aws_cloudwatch_log_group.app: Creating...
aws_ecs_cluster.this: Creating...
aws_iam_role.task_execution: Creating...
aws_security_group.service: Creating...
aws_iam_role.task_execution: Creation complete after 0s [id=helloapp-task-exec]
aws_iam_role_policy_attachment.task_execution: Creating...
aws_iam_role_policy_attachment.task_execution: Creation complete after 0s [id=helloapp-task-exec-20260206132409492200000001]
aws_cloudwatch_log_group.app: Creation complete after 1s [id=/ecs/helloapp]
aws_security_group.service: Creation complete after 1s [id=sg-f839132334f4dda22]
aws_ecs_task_definition.this: Creating...
aws_ecs_task_definition.this: Creation complete after 0s [id=helloapp]
aws_ecs_cluster.this: Still creating... [00m10s elapsed]
aws_ecs_cluster.this: Creation complete after 10s [id=arn:aws:ecs:us-east-1:000000000000:cluster/helloapp-cluster]
aws_ecs_service.this: Creating...
aws_ecs_service.this: Creation complete after 7s [id=arn:aws:ecs:us-east-1:000000000000:service/helloapp-cluster/helloapp-svc]

Apply complete! Resources: 7 added, 0 changed, 0 destroyed.

Outputs:

ecs_cluster_name = "helloapp-cluster"
ecs_service_name = "helloapp-svc"
security_group_id = "sg-f839132334f4dda22"
task_definition_arn = "arn:aws:ecs:us-east-1:000000000000:task-definition/helloapp:1"
