data.aws_partition.current: Reading...
data.aws_region.current: Reading...
data.aws_caller_identity.current: Reading...
data.aws_partition.current: Read complete after 0s [id=aws]
data.aws_region.current: Read complete after 0s [id=us-east-1]
data.aws_caller_identity.current: Read complete after 0s [id=000000000000]

Terraform used the selected providers to generate the following execution
plan. Resource actions are indicated with the following symbols:
  + create
 <= read (data resources)

Terraform will perform the following actions:

  # data.archive_file.iterator_zip will be read during apply
  # (depends on a resource or a module with changes pending)
 <= data "archive_file" "iterator_zip" {
      + id                  = (known after apply)
      + output_base64sha256 = (known after apply)
      + output_base64sha512 = (known after apply)
      + output_md5          = (known after apply)
      + output_path         = "./lambda.zip"
      + output_sha          = (known after apply)
      + output_sha256       = (known after apply)
      + output_sha512       = (known after apply)
      + output_size         = (known after apply)
      + source_dir          = "./lambda"
      + type                = "zip"
    }

  # aws_cloudwatch_log_group.iterator will be created
  + resource "aws_cloudwatch_log_group" "iterator" {
      + arn               = (known after apply)
      + id                = (known after apply)
      + log_group_class   = (known after apply)
      + name              = "/aws/lambda/high-frequency-lambda-iterator"
      + name_prefix       = (known after apply)
      + retention_in_days = 14
      + skip_destroy      = false
      + tags_all          = {
          + "Managed" = "terraform"
          + "Project" = "high-frequency-lambda"
        }
    }

  # aws_iam_role.iterator_lambda_role will be created
  + resource "aws_iam_role" "iterator_lambda_role" {
      + arn                   = (known after apply)
      + assume_role_policy    = jsonencode(
            {
              + Statement = [
                  + {
                      + Action    = "sts:AssumeRole"
                      + Effect    = "Allow"
                      + Principal = {
                          + Service = "lambda.amazonaws.com"
                        }
                    },
                ]
              + Version   = "2012-10-17"
            }
        )
      + create_date           = (known after apply)
      + force_detach_policies = false
      + id                    = (known after apply)
      + managed_policy_arns   = (known after apply)
      + max_session_duration  = 3600
      + name                  = "high-frequency-lambda-iterator-lambda-role"
      + name_prefix           = (known after apply)
      + path                  = "/"
      + tags_all              = {
          + "Managed" = "terraform"
          + "Project" = "high-frequency-lambda"
        }
      + unique_id             = (known after apply)

      + inline_policy (known after apply)
    }

  # aws_iam_role.sfn_role will be created
  + resource "aws_iam_role" "sfn_role" {
      + arn                   = (known after apply)
      + assume_role_policy    = jsonencode(
            {
              + Statement = [
                  + {
                      + Action    = "sts:AssumeRole"
                      + Effect    = "Allow"
                      + Principal = {
                          + Service = "states.amazonaws.com"
                        }
                    },
                ]
              + Version   = "2012-10-17"
            }
        )
      + create_date           = (known after apply)
      + force_detach_policies = false
      + id                    = (known after apply)
      + managed_policy_arns   = (known after apply)
      + max_session_duration  = 3600
      + name                  = "high-frequency-lambda-sfn-role"
      + name_prefix           = (known after apply)
      + path                  = "/"
      + tags_all              = {
          + "Managed" = "terraform"
          + "Project" = "high-frequency-lambda"
        }
      + unique_id             = (known after apply)

      + inline_policy (known after apply)
    }

  # aws_iam_role_policy.iterator_lambda_policy will be created
  + resource "aws_iam_role_policy" "iterator_lambda_policy" {
      + id          = (known after apply)
      + name        = "high-frequency-lambda-iterator-lambda-policy"
      + name_prefix = (known after apply)
      + policy      = jsonencode(
            {
              + Statement = [
                  + {
                      + Action   = [
                          + "lambda:InvokeFunction",
                        ]
                      + Effect   = "Allow"
                      + Resource = [
                          + "arn:aws:lambda:us-east-1:000000000000:ai-basis-tf",
                        ]
                      + Sid      = "AllowInvokeTargetLambda"
                    },
                  + {
                      + Action   = [
                          + "logs:CreateLogGroup",
                          + "logs:CreateLogStream",
                          + "logs:PutLogEvents",
                        ]
                      + Effect   = "Allow"
                      + Resource = "*"
                      + Sid      = "AllowCloudWatchLogs"
                    },
                ]
              + Version   = "2012-10-17"
            }
        )
      + role        = (known after apply)
    }

  # aws_iam_role_policy.sfn_policy will be created
  + resource "aws_iam_role_policy" "sfn_policy" {
      + id          = (known after apply)
      + name        = "high-frequency-lambda-sfn-policy"
      + name_prefix = (known after apply)
      + policy      = (known after apply)
      + role        = (known after apply)
    }

  # aws_lambda_function.iterator will be created
  + resource "aws_lambda_function" "iterator" {
      + architectures                  = (known after apply)
      + arn                            = (known after apply)
      + code_sha256                    = (known after apply)
      + filename                       = "./lambda.zip"
      + function_name                  = "high-frequency-lambda-iterator"
      + handler                        = "index.handler"
      + id                             = (known after apply)
      + invoke_arn                     = (known after apply)
      + last_modified                  = (known after apply)
      + memory_size                    = 128
      + package_type                   = "Zip"
      + publish                        = false
      + qualified_arn                  = (known after apply)
      + qualified_invoke_arn           = (known after apply)
      + reserved_concurrent_executions = -1
      + role                           = (known after apply)
      + runtime                        = "nodejs20.x"
      + signing_job_arn                = (known after apply)
      + signing_profile_version_arn    = (known after apply)
      + skip_destroy                   = false
      + source_code_hash               = (known after apply)
      + source_code_size               = (known after apply)
      + tags_all                       = {
          + "Managed" = "terraform"
          + "Project" = "high-frequency-lambda"
        }
      + timeout                        = 30
      + version                        = (known after apply)

      + environment {
          + variables = {
              + "REGION"            = "us-east-1"
              + "TARGET_LAMBDA_ARN" = "arn:aws:lambda:us-east-1:000000000000:ai-basis-tf"
            }
        }

      + ephemeral_storage (known after apply)

      + logging_config (known after apply)

      + tracing_config (known after apply)
    }

  # aws_sfn_state_machine.iterator will be created
  + resource "aws_sfn_state_machine" "iterator" {
      + arn                       = (known after apply)
      + creation_date             = (known after apply)
      + definition                = (known after apply)
      + description               = (known after apply)
      + id                        = (known after apply)
      + name                      = "high-frequency-lambda-iterator"
      + name_prefix               = (known after apply)
      + publish                   = false
      + revision_id               = (known after apply)
      + role_arn                  = (known after apply)
      + state_machine_version_arn = (known after apply)
      + status                    = (known after apply)
      + tags_all                  = {
          + "Managed" = "terraform"
          + "Project" = "high-frequency-lambda"
        }
      + type                      = "STANDARD"
      + version_description       = (known after apply)

      + encryption_configuration (known after apply)

      + logging_configuration (known after apply)

      + tracing_configuration (known after apply)
    }

  # local_file.iterator_source will be created
  + resource "local_file" "iterator_source" {
      + content              = <<-EOT
            import { LambdaClient, InvokeCommand } from "@aws-sdk/client-lambda";
            
            export const handler = async (event) => {
              const iterator = event?.iterator ?? { index: 0, count: 0 };
              const index = (iterator.index ?? 0) + 1;
              const count = iterator.count ?? 0;
            
              const region = process.env.REGION;
              const fnArn = process.env.TARGET_LAMBDA_ARN;
              if (!region) throw new Error("REGION missing");
              if (!fnArn) throw new Error("TARGET_LAMBDA_ARN missing");
            
              const client = new LambdaClient({ region });
              await client.send(new InvokeCommand({
                FunctionName: fnArn,
                InvocationType: "Event"
              }));
            
              return {
                index,
                count,
                continue: index < count
              };
            };
        EOT
      + content_base64sha256 = (known after apply)
      + content_base64sha512 = (known after apply)
      + content_md5          = (known after apply)
      + content_sha1         = (known after apply)
      + content_sha256       = (known after apply)
      + content_sha512       = (known after apply)
      + directory_permission = "0777"
      + file_permission      = "0777"
      + filename             = "./lambda/index.mjs"
      + id                   = (known after apply)
    }

Plan: 8 to add, 0 to change, 0 to destroy.

Changes to Outputs:
  + iterator_lambda_arn  = (known after apply)
  + iterator_lambda_name = "high-frequency-lambda-iterator"
  + state_machine_arn    = (known after apply)
local_file.iterator_source: Creating...
local_file.iterator_source: Creation complete after 0s [id=ff26195f8840bb105b9fae008683cb6f86f2bf69]
data.archive_file.iterator_zip: Reading...
data.archive_file.iterator_zip: Read complete after 0s [id=bf35229a12f290eeb397c7c562827f660d89ec37]
aws_iam_role.iterator_lambda_role: Creating...
aws_iam_role.sfn_role: Creating...
aws_iam_role.iterator_lambda_role: Creation complete after 0s [id=high-frequency-lambda-iterator-lambda-role]
aws_iam_role.sfn_role: Creation complete after 0s [id=high-frequency-lambda-sfn-role]
aws_iam_role_policy.iterator_lambda_policy: Creating...
aws_lambda_function.iterator: Creating...
aws_iam_role_policy.iterator_lambda_policy: Creation complete after 0s [id=high-frequency-lambda-iterator-lambda-role:high-frequency-lambda-iterator-lambda-policy]
aws_lambda_function.iterator: Creation complete after 6s [id=high-frequency-lambda-iterator]
aws_iam_role_policy.sfn_policy: Creating...
aws_cloudwatch_log_group.iterator: Creating...
aws_iam_role_policy.sfn_policy: Creation complete after 0s [id=high-frequency-lambda-sfn-role:high-frequency-lambda-sfn-policy]
aws_cloudwatch_log_group.iterator: Creation complete after 0s [id=/aws/lambda/high-frequency-lambda-iterator]
aws_sfn_state_machine.iterator: Creating...
aws_sfn_state_machine.iterator: Creation complete after 0s [id=arn:aws:states:us-east-1:000000000000:stateMachine:high-frequency-lambda-iterator]

Apply complete! Resources: 8 added, 0 changed, 0 destroyed.

Outputs:

iterator_lambda_arn = "arn:aws:lambda:us-east-1:000000000000:function:high-frequency-lambda-iterator"
iterator_lambda_name = "high-frequency-lambda-iterator"
state_machine_arn = "arn:aws:states:us-east-1:000000000000:stateMachine:high-frequency-lambda-iterator"
