{"format_version":"1.2","terraform_version":"1.13.5","variables":{"app_name":{"value":"high-frequency-lambda"},"aws_region":{"value":"us-east-1"},"interval_seconds":{"value":10},"invocations_per_execution":{"value":6},"target_lambda_arn":{"value":"arn:aws:lambda:us-east-1:000000000000:ai-basis-tf"}},"planned_values":{"outputs":{"iterator_lambda_arn":{"sensitive":false},"iterator_lambda_name":{"sensitive":false,"type":"string","value":"high-frequency-lambda-iterator"},"state_machine_arn":{"sensitive":false}},"root_module":{"resources":[{"address":"aws_cloudwatch_log_group.iterator","mode":"managed","type":"aws_cloudwatch_log_group","name":"iterator","provider_name":"registry.terraform.io/hashicorp/aws","schema_version":0,"values":{"kms_key_id":null,"name":"/aws/lambda/high-frequency-lambda-iterator","retention_in_days":14,"skip_destroy":false,"tags":null,"tags_all":{"Managed":"terraform","Project":"high-frequency-lambda"}},"sensitive_values":{"tags_all":{}}},{"address":"aws_iam_role.iterator_lambda_role","mode":"managed","type":"aws_iam_role","name":"iterator_lambda_role","provider_name":"registry.terraform.io/hashicorp/aws","schema_version":0,"values":{"assume_role_policy":"{\"Statement\":[{\"Action\":\"sts:AssumeRole\",\"Effect\":\"Allow\",\"Principal\":{\"Service\":\"lambda.amazonaws.com\"}}],\"Version\":\"2012-10-17\"}","description":null,"force_detach_policies":false,"max_session_duration":3600,"name":"high-frequency-lambda-iterator-lambda-role","path":"/","permissions_boundary":null,"tags":null,"tags_all":{"Managed":"terraform","Project":"high-frequency-lambda"}},"sensitive_values":{"inline_policy":[],"managed_policy_arns":[],"tags_all":{}}},{"address":"aws_iam_role.sfn_role","mode":"managed","type":"aws_iam_role","name":"sfn_role","provider_name":"registry.terraform.io/hashicorp/aws","schema_version":0,"values":{"assume_role_policy":"{\"Statement\":[{\"Action\":\"sts:AssumeRole\",\"Effect\":\"Allow\",\"Principal\":{\"Service\":\"states.amazonaws.com\"}}],\"Version\":\"2012-10-17\"}","description":null,"force_detach_policies":false,"max_session_duration":3600,"name":"high-frequency-lambda-sfn-role","path":"/","permissions_boundary":null,"tags":null,"tags_all":{"Managed":"terraform","Project":"high-frequency-lambda"}},"sensitive_values":{"inline_policy":[],"managed_policy_arns":[],"tags_all":{}}},{"address":"aws_iam_role_policy.iterator_lambda_policy","mode":"managed","type":"aws_iam_role_policy","name":"iterator_lambda_policy","provider_name":"registry.terraform.io/hashicorp/aws","schema_version":0,"values":{"name":"high-frequency-lambda-iterator-lambda-policy","policy":"{\"Version\":\"2012-10-17\",\"Statement\":[{\"Action\":[\"lambda:InvokeFunction\"],\"Effect\":\"Allow\",\"Resource\":[\"arn:aws:lambda:us-east-1:000000000000:ai-basis-tf\"],\"Sid\":\"AllowInvokeTargetLambda\"},{\"Action\":[\"logs:CreateLogGroup\",\"logs:CreateLogStream\",\"logs:PutLogEvents\"],\"Effect\":\"Allow\",\"Resource\":\"*\",\"Sid\":\"AllowCloudWatchLogs\"}]}"},"sensitive_values":{}},{"address":"aws_iam_role_policy.sfn_policy","mode":"managed","type":"aws_iam_role_policy","name":"sfn_policy","provider_name":"registry.terraform.io/hashicorp/aws","schema_version":0,"values":{"name":"high-frequency-lambda-sfn-policy"},"sensitive_values":{}},{"address":"aws_lambda_function.iterator","mode":"managed","type":"aws_lambda_function","name":"iterator","provider_name":"registry.terraform.io/hashicorp/aws","schema_version":0,"values":{"code_signing_config_arn":null,"dead_letter_config":[],"description":null,"environment":[{"variables":{"REGION":"us-east-1","TARGET_LAMBDA_ARN":"arn:aws:lambda:us-east-1:000000000000:ai-basis-tf"}}],"file_system_config":[],"filename":"./lambda.zip","function_name":"high-frequency-lambda-iterator","handler":"index.handler","image_config":[],"image_uri":null,"kms_key_arn":null,"layers":null,"memory_size":128,"package_type":"Zip","publish":false,"replace_security_groups_on_destroy":null,"replacement_security_group_ids":null,"reserved_concurrent_executions":-1,"runtime":"nodejs20.x","s3_bucket":null,"s3_key":null,"s3_object_version":null,"skip_destroy":false,"snap_start":[],"tags":null,"tags_all":{"Managed":"terraform","Project":"high-frequency-lambda"},"timeout":30,"timeouts":null,"vpc_config":[]},"sensitive_values":{"architectures":[],"dead_letter_config":[],"environment":[{"variables":{}}],"ephemeral_storage":[],"file_system_config":[],"image_config":[],"logging_config":[],"snap_start":[],"tags_all":{},"tracing_config":[],"vpc_config":[]}},{"address":"aws_sfn_state_machine.iterator","mode":"managed","type":"aws_sfn_state_machine","name":"iterator","provider_name":"registry.terraform.io/hashicorp/aws","schema_version":0,"values":{"name":"high-frequency-lambda-iterator","publish":false,"tags":null,"tags_all":{"Managed":"terraform","Project":"high-frequency-lambda"},"timeouts":null,"type":"STANDARD"},"sensitive_values":{"encryption_configuration":[],"logging_configuration":[],"tags_all":{},"tracing_configuration":[]}},{"address":"data.archive_file.iterator_zip","mode":"data","type":"archive_file","name":"iterator_zip","provider_name":"registry.terraform.io/hashicorp/archive","schema_version":0,"values":{"exclude_symlink_directories":null,"excludes":null,"output_file_mode":null,"output_path":"./lambda.zip","source":[],"source_content":null,"source_content_filename":null,"source_dir":"./lambda","source_file":null,"type":"zip"},"sensitive_values":{"source":[]}},{"address":"local_file.iterator_source","mode":"managed","type":"local_file","name":"iterator_source","provider_name":"registry.terraform.io/hashicorp/local","schema_version":0,"values":{"content":"import { LambdaClient, InvokeCommand } from \"@aws-sdk/client-lambda\";\n\nexport const handler = async (event) =\u003e {\n  const iterator = event?.iterator ?? { index: 0, count: 0 };\n  const index = (iterator.index ?? 0) + 1;\n  const count = iterator.count ?? 0;\n\n  const region = process.env.REGION;\n  const fnArn = process.env.TARGET_LAMBDA_ARN;\n  if (!region) throw new Error(\"REGION missing\");\n  if (!fnArn) throw new Error(\"TARGET_LAMBDA_ARN missing\");\n\n  const client = new LambdaClient({ region });\n  await client.send(new InvokeCommand({\n    FunctionName: fnArn,\n    InvocationType: \"Event\"\n  }));\n\n  return {\n    index,\n    count,\n    continue: index \u003c count\n  };\n};\n","content_base64":null,"directory_permission":"0777","file_permission":"0777","filename":"./lambda/index.mjs","sensitive_content":null,"source":null},"sensitive_values":{"sensitive_content":true}}]}},"resource_changes":[{"address":"data.archive_file.iterator_zip","mode":"data","type":"archive_file","name":"iterator_zip","provider_name":"registry.terraform.io/hashicorp/archive","change":{"actions":["read"],"before":null,"after":{"exclude_symlink_directories":null,"excludes":null,"output_file_mode":null,"output_path":"./lambda.zip","source":[],"source_content":null,"source_content_filename":null,"source_dir":"./lambda","source_file":null,"type":"zip"},"after_unknown":{"id":true,"output_base64sha256":true,"output_base64sha512":true,"output_md5":true,"output_sha":true,"output_sha256":true,"output_sha512":true,"output_size":true,"source":[]},"before_sensitive":false,"after_sensitive":{"source":[]}},"action_reason":"read_because_dependency_pending"},{"address":"aws_cloudwatch_log_group.iterator","mode":"managed","type":"aws_cloudwatch_log_group","name":"iterator","provider_name":"registry.terraform.io/hashicorp/aws","change":{"actions":["create"],"before":null,"after":{"kms_key_id":null,"name":"/aws/lambda/high-frequency-lambda-iterator","retention_in_days":14,"skip_destroy":false,"tags":null,"tags_all":{"Managed":"terraform","Project":"high-frequency-lambda"}},"after_unknown":{"arn":true,"id":true,"log_group_class":true,"name_prefix":true,"tags_all":{}},"before_sensitive":false,"after_sensitive":{"tags_all":{}}}},{"address":"aws_iam_role.iterator_lambda_role","mode":"managed","type":"aws_iam_role","name":"iterator_lambda_role","provider_name":"registry.terraform.io/hashicorp/aws","change":{"actions":["create"],"before":null,"after":{"assume_role_policy":"{\"Statement\":[{\"Action\":\"sts:AssumeRole\",\"Effect\":\"Allow\",\"Principal\":{\"Service\":\"lambda.amazonaws.com\"}}],\"Version\":\"2012-10-17\"}","description":null,"force_detach_policies":false,"max_session_duration":3600,"name":"high-frequency-lambda-iterator-lambda-role","path":"/","permissions_boundary":null,"tags":null,"tags_all":{"Managed":"terraform","Project":"high-frequency-lambda"}},"after_unknown":{"arn":true,"create_date":true,"id":true,"inline_policy":true,"managed_policy_arns":true,"name_prefix":true,"tags_all":{},"unique_id":true},"before_sensitive":false,"after_sensitive":{"inline_policy":[],"managed_policy_arns":[],"tags_all":{}}}},{"address":"aws_iam_role.sfn_role","mode":"managed","type":"aws_iam_role","name":"sfn_role","provider_name":"registry.terraform.io/hashicorp/aws","change":{"actions":["create"],"before":null,"after":{"assume_role_policy":"{\"Statement\":[{\"Action\":\"sts:AssumeRole\",\"Effect\":\"Allow\",\"Principal\":{\"Service\":\"states.amazonaws.com\"}}],\"Version\":\"2012-10-17\"}","description":null,"force_detach_policies":false,"max_session_duration":3600,"name":"high-frequency-lambda-sfn-role","path":"/","permissions_boundary":null,"tags":null,"tags_all":{"Managed":"terraform","Project":"high-frequency-lambda"}},"after_unknown":{"arn":true,"create_date":true,"id":true,"inline_policy":true,"managed_policy_arns":true,"name_prefix":true,"tags_all":{},"unique_id":true},"before_sensitive":false,"after_sensitive":{"inline_policy":[],"managed_policy_arns":[],"tags_all":{}}}},{"address":"aws_iam_role_policy.iterator_lambda_policy","mode":"managed","type":"aws_iam_role_policy","name":"iterator_lambda_policy","provider_name":"registry.terraform.io/hashicorp/aws","change":{"actions":["create"],"before":null,"after":{"name":"high-frequency-lambda-iterator-lambda-policy","policy":"{\"Version\":\"2012-10-17\",\"Statement\":[{\"Action\":[\"lambda:InvokeFunction\"],\"Effect\":\"Allow\",\"Resource\":[\"arn:aws:lambda:us-east-1:000000000000:ai-basis-tf\"],\"Sid\":\"AllowInvokeTargetLambda\"},{\"Action\":[\"logs:CreateLogGroup\",\"logs:CreateLogStream\",\"logs:PutLogEvents\"],\"Effect\":\"Allow\",\"Resource\":\"*\",\"Sid\":\"AllowCloudWatchLogs\"}]}"},"after_unknown":{"id":true,"name_prefix":true,"role":true},"before_sensitive":false,"after_sensitive":{}}},{"address":"aws_iam_role_policy.sfn_policy","mode":"managed","type":"aws_iam_role_policy","name":"sfn_policy","provider_name":"registry.terraform.io/hashicorp/aws","change":{"actions":["create"],"before":null,"after":{"name":"high-frequency-lambda-sfn-policy"},"after_unknown":{"id":true,"name_prefix":true,"policy":true,"role":true},"before_sensitive":false,"after_sensitive":{}}},{"address":"aws_lambda_function.iterator","mode":"managed","type":"aws_lambda_function","name":"iterator","provider_name":"registry.terraform.io/hashicorp/aws","change":{"actions":["create"],"before":null,"after":{"code_signing_config_arn":null,"dead_letter_config":[],"description":null,"environment":[{"variables":{"REGION":"us-east-1","TARGET_LAMBDA_ARN":"arn:aws:lambda:us-east-1:000000000000:ai-basis-tf"}}],"file_system_config":[],"filename":"./lambda.zip","function_name":"high-frequency-lambda-iterator","handler":"index.handler","image_config":[],"image_uri":null,"kms_key_arn":null,"layers":null,"memory_size":128,"package_type":"Zip","publish":false,"replace_security_groups_on_destroy":null,"replacement_security_group_ids":null,"reserved_concurrent_executions":-1,"runtime":"nodejs20.x","s3_bucket":null,"s3_key":null,"s3_object_version":null,"skip_destroy":false,"snap_start":[],"tags":null,"tags_all":{"Managed":"terraform","Project":"high-frequency-lambda"},"timeout":30,"timeouts":null,"vpc_config":[]},"after_unknown":{"architectures":true,"arn":true,"code_sha256":true,"dead_letter_config":[],"environment":[{"variables":{}}],"ephemeral_storage":true,"file_system_config":[],"id":true,"image_config":[],"invoke_arn":true,"last_modified":true,"logging_config":true,"qualified_arn":true,"qualified_invoke_arn":true,"role":true,"signing_job_arn":true,"signing_profile_version_arn":true,"snap_start":[],"source_code_hash":true,"source_code_size":true,"tags_all":{},"tracing_config":true,"version":true,"vpc_config":[]},"before_sensitive":false,"after_sensitive":{"architectures":[],"dead_letter_config":[],"environment":[{"variables":{}}],"ephemeral_storage":[],"file_system_config":[],"image_config":[],"logging_config":[],"snap_start":[],"tags_all":{},"tracing_config":[],"vpc_config":[]}}},{"address":"aws_sfn_state_machine.iterator","mode":"managed","type":"aws_sfn_state_machine","name":"iterator","provider_name":"registry.terraform.io/hashicorp/aws","change":{"actions":["create"],"before":null,"after":{"name":"high-frequency-lambda-iterator","publish":false,"tags":null,"tags_all":{"Managed":"terraform","Project":"high-frequency-lambda"},"timeouts":null,"type":"STANDARD"},"after_unknown":{"arn":true,"creation_date":true,"definition":true,"description":true,"encryption_configuration":true,"id":true,"logging_configuration":true,"name_prefix":true,"revision_id":true,"role_arn":true,"state_machine_version_arn":true,"status":true,"tags_all":{},"tracing_configuration":true,"version_description":true},"before_sensitive":false,"after_sensitive":{"encryption_configuration":[],"logging_configuration":[],"tags_all":{},"tracing_configuration":[]}}},{"address":"local_file.iterator_source","mode":"managed","type":"local_file","name":"iterator_source","provider_name":"registry.terraform.io/hashicorp/local","change":{"actions":["create"],"before":null,"after":{"content":"import { LambdaClient, InvokeCommand } from \"@aws-sdk/client-lambda\";\n\nexport const handler = async (event) =\u003e {\n  const iterator = event?.iterator ?? { index: 0, count: 0 };\n  const index = (iterator.index ?? 0) + 1;\n  const count = iterator.count ?? 0;\n\n  const region = process.env.REGION;\n  const fnArn = process.env.TARGET_LAMBDA_ARN;\n  if (!region) throw new Error(\"REGION missing\");\n  if (!fnArn) throw new Error(\"TARGET_LAMBDA_ARN missing\");\n\n  const client = new LambdaClient({ region });\n  await client.send(new InvokeCommand({\n    FunctionName: fnArn,\n    InvocationType: \"Event\"\n  }));\n\n  return {\n    index,\n    count,\n    continue: index \u003c count\n  };\n};\n","content_base64":null,"directory_permission":"0777","file_permission":"0777","filename":"./lambda/index.mjs","sensitive_content":null,"source":null},"after_unknown":{"content_base64sha256":true,"content_base64sha512":true,"content_md5":true,"content_sha1":true,"content_sha256":true,"content_sha512":true,"id":true},"before_sensitive":false,"after_sensitive":{"sensitive_content":true}}}],"output_changes":{"iterator_lambda_arn":{"actions":["create"],"before":null,"after_unknown":true,"before_sensitive":false,"after_sensitive":false},"iterator_lambda_name":{"actions":["create"],"before":null,"after":"high-frequency-lambda-iterator","after_unknown":false,"before_sensitive":false,"after_sensitive":false},"state_machine_arn":{"actions":["create"],"before":null,"after_unknown":true,"before_sensitive":false,"after_sensitive":false}},"prior_state":{"format_version":"1.0","terraform_version":"1.13.5","values":{"outputs":{"iterator_lambda_name":{"sensitive":false,"value":"high-frequency-lambda-iterator","type":"string"}},"root_module":{"resources":[{"address":"data.aws_caller_identity.current","mode":"data","type":"aws_caller_identity","name":"current","provider_name":"registry.terraform.io/hashicorp/aws","schema_version":0,"values":{"account_id":"000000000000","arn":"arn:aws:iam::000000000000:root","id":"000000000000","user_id":"AKIAIOSFODNN7EXAMPLE"},"sensitive_values":{}},{"address":"data.aws_partition.current","mode":"data","type":"aws_partition","name":"current","provider_name":"registry.terraform.io/hashicorp/aws","schema_version":0,"values":{"dns_suffix":"amazonaws.com","id":"aws","partition":"aws","reverse_dns_prefix":"com.amazonaws"},"sensitive_values":{}},{"address":"data.aws_region.current","mode":"data","type":"aws_region","name":"current","provider_name":"registry.terraform.io/hashicorp/aws","schema_version":0,"values":{"description":"US East (N. Virginia)","endpoint":"ec2.us-east-1.amazonaws.com","id":"us-east-1","name":"us-east-1"},"sensitive_values":{}}]}}},"configuration":{"provider_config":{"archive":{"name":"archive","full_name":"registry.terraform.io/hashicorp/archive","version_constraint":"~\u003e 2.4"},"aws":{"name":"aws","full_name":"registry.terraform.io/hashicorp/aws","version_constraint":"~\u003e 5.0","expressions":{"default_tags":[{"tags":{"references":["var.app_name"]}}],"region":{"references":["var.aws_region"]}}},"local":{"name":"local","full_name":"registry.terraform.io/hashicorp/local"}},"root_module":{"outputs":{"iterator_lambda_arn":{"expression":{"references":["aws_lambda_function.iterator.arn","aws_lambda_function.iterator"]},"description":"ARN of the iterator Lambda created by this stack."},"iterator_lambda_name":{"expression":{"references":["aws_lambda_function.iterator.function_name","aws_lambda_function.iterator"]},"description":"Name of the iterator Lambda created by this stack."},"state_machine_arn":{"expression":{"references":["aws_sfn_state_machine.iterator.arn","aws_sfn_state_machine.iterator"]},"description":"ARN of the Step Functions state machine that performs the high-frequency invocations."}},"resources":[{"address":"aws_cloudwatch_log_group.iterator","mode":"managed","type":"aws_cloudwatch_log_group","name":"iterator","provider_config_key":"aws","expressions":{"name":{"references":["aws_lambda_function.iterator.function_name","aws_lambda_function.iterator"]},"retention_in_days":{"constant_value":14}},"schema_version":0},{"address":"aws_iam_role.iterator_lambda_role","mode":"managed","type":"aws_iam_role","name":"iterator_lambda_role","provider_config_key":"aws","expressions":{"assume_role_policy":{},"name":{"references":["var.app_name"]}},"schema_version":0},{"address":"aws_iam_role.sfn_role","mode":"managed","type":"aws_iam_role","name":"sfn_role","provider_config_key":"aws","expressions":{"assume_role_policy":{},"name":{"references":["var.app_name"]}},"schema_version":0},{"address":"aws_iam_role_policy.iterator_lambda_policy","mode":"managed","type":"aws_iam_role_policy","name":"iterator_lambda_policy","provider_config_key":"aws","expressions":{"name":{"references":["var.app_name"]},"policy":{"references":["var.target_lambda_arn"]},"role":{"references":["aws_iam_role.iterator_lambda_role.id","aws_iam_role.iterator_lambda_role"]}},"schema_version":0},{"address":"aws_iam_role_policy.sfn_policy","mode":"managed","type":"aws_iam_role_policy","name":"sfn_policy","provider_config_key":"aws","expressions":{"name":{"references":["var.app_name"]},"policy":{"references":["aws_lambda_function.iterator.arn","aws_lambda_function.iterator"]},"role":{"references":["aws_iam_role.sfn_role.id","aws_iam_role.sfn_role"]}},"schema_version":0},{"address":"aws_lambda_function.iterator","mode":"managed","type":"aws_lambda_function","name":"iterator","provider_config_key":"aws","expressions":{"environment":[{"variables":{"references":["var.aws_region","var.target_lambda_arn"]}}],"filename":{"references":["data.archive_file.iterator_zip.output_path","data.archive_file.iterator_zip"]},"function_name":{"references":["local.iterator_lambda_name"]},"handler":{"constant_value":"index.handler"},"role":{"references":["aws_iam_role.iterator_lambda_role.arn","aws_iam_role.iterator_lambda_role"]},"runtime":{"constant_value":"nodejs20.x"},"source_code_hash":{"references":["data.archive_file.iterator_zip.output_base64sha256","data.archive_file.iterator_zip"]},"timeout":{"constant_value":30}},"schema_version":0},{"address":"aws_sfn_state_machine.iterator","mode":"managed","type":"aws_sfn_state_machine","name":"iterator","provider_config_key":"aws","expressions":{"definition":{"references":["var.interval_seconds","var.invocations_per_execution","aws_lambda_function.iterator.arn","aws_lambda_function.iterator","var.interval_seconds"]},"name":{"references":["local.sfn_name"]},"role_arn":{"references":["aws_iam_role.sfn_role.arn","aws_iam_role.sfn_role"]}},"schema_version":0},{"address":"local_file.iterator_source","mode":"managed","type":"local_file","name":"iterator_source","provider_config_key":"local","expressions":{"content":{"constant_value":"import { LambdaClient, InvokeCommand } from \"@aws-sdk/client-lambda\";\n\nexport const handler = async (event) =\u003e {\n  const iterator = event?.iterator ?? { index: 0, count: 0 };\n  const index = (iterator.index ?? 0) + 1;\n  const count = iterator.count ?? 0;\n\n  const region = process.env.REGION;\n  const fnArn = process.env.TARGET_LAMBDA_ARN;\n  if (!region) throw new Error(\"REGION missing\");\n  if (!fnArn) throw new Error(\"TARGET_LAMBDA_ARN missing\");\n\n  const client = new LambdaClient({ region });\n  await client.send(new InvokeCommand({\n    FunctionName: fnArn,\n    InvocationType: \"Event\"\n  }));\n\n  return {\n    index,\n    count,\n    continue: index \u003c count\n  };\n};\n"},"filename":{"references":["path.module"]}},"schema_version":0},{"address":"data.archive_file.iterator_zip","mode":"data","type":"archive_file","name":"iterator_zip","provider_config_key":"archive","expressions":{"output_path":{"references":["path.module"]},"source_dir":{"references":["path.module"]},"type":{"constant_value":"zip"}},"schema_version":0,"depends_on":["local_file.iterator_source"]},{"address":"data.aws_caller_identity.current","mode":"data","type":"aws_caller_identity","name":"current","provider_config_key":"aws","schema_version":0},{"address":"data.aws_partition.current","mode":"data","type":"aws_partition","name":"current","provider_config_key":"aws","schema_version":0},{"address":"data.aws_region.current","mode":"data","type":"aws_region","name":"current","provider_config_key":"aws","schema_version":0}],"variables":{"app_name":{"default":"high-frequency-lambda","description":"Name prefix for created resources."},"aws_region":{"default":"us-east-1","description":"AWS region to deploy into."},"interval_seconds":{"default":10,"description":"Wait time between invocations."},"invocations_per_execution":{"default":6,"description":"How many times to invoke the target lambda per Step Functions execution."},"target_lambda_arn":{"description":"ARN of the Lambda function to invoke at high frequency."}}}},"relevant_attributes":[{"resource":"data.archive_file.iterator_zip","attribute":["output_base64sha256"]},{"resource":"data.archive_file.iterator_zip","attribute":["output_path"]},{"resource":"aws_iam_role.iterator_lambda_role","attribute":["arn"]},{"resource":"aws_iam_role.sfn_role","attribute":["arn"]},{"resource":"aws_iam_role.sfn_role","attribute":["id"]},{"resource":"aws_lambda_function.iterator","attribute":["arn"]},{"resource":"aws_iam_role.iterator_lambda_role","attribute":["id"]},{"resource":"aws_sfn_state_machine.iterator","attribute":["arn"]},{"resource":"aws_lambda_function.iterator","attribute":["function_name"]}],"timestamp":"2026-01-26T20:25:17Z","applyable":true,"complete":true,"errored":false}
