{
  "version": 4,
  "terraform_version": "1.13.5",
  "serial": 1,
  "lineage": "2a367bfa-0352-4225-b90e-54673c6bc815",
  "outputs": {},
  "resources": [
    {
      "mode": "managed",
      "type": "random_id",
      "name": "bucket_suffix",
      "provider": "provider[\"registry.terraform.io/hashicorp/random\"]",
      "instances": [
        {
          "schema_version": 0,
          "attributes": {
            "b64_std": "OIUddA==",
            "b64_url": "OIUddA",
            "byte_length": 4,
            "dec": "948247924",
            "hex": "38851d74",
            "id": "OIUddA",
            "keepers": null,
            "prefix": null
          },
          "sensitive_attributes": [],
          "identity_schema_version": 0
        }
      ]
    }
  ],
  "check_results": null
}
