{"format_version":"1.2","terraform_version":"1.13.5","variables":{"app_name":{"value":"example-s3-localstack"},"aws_region":{"value":"us-east-1"},"bucket_name":{"value":"versionedexample"}},"planned_values":{"outputs":{"s3_bucket_arn":{"sensitive":false},"s3_bucket_name":{"sensitive":false}},"root_module":{"resources":[{"address":"aws_s3_bucket.app","mode":"managed","type":"aws_s3_bucket","name":"app","provider_name":"registry.terraform.io/hashicorp/aws","schema_version":0,"values":{"force_destroy":false,"tags":null,"tags_all":{"Managed":"terraform","Project":"example-s3-localstack"},"timeouts":null},"sensitive_values":{"cors_rule":[],"grant":[],"lifecycle_rule":[],"logging":[],"object_lock_configuration":[],"replication_configuration":[],"server_side_encryption_configuration":[],"tags_all":{},"versioning":[],"website":[]}},{"address":"aws_s3_bucket_public_access_block.app","mode":"managed","type":"aws_s3_bucket_public_access_block","name":"app","provider_name":"registry.terraform.io/hashicorp/aws","schema_version":0,"values":{"block_public_acls":true,"block_public_policy":true,"ignore_public_acls":true,"restrict_public_buckets":true},"sensitive_values":{}},{"address":"aws_s3_bucket_versioning.app","mode":"managed","type":"aws_s3_bucket_versioning","name":"app","provider_name":"registry.terraform.io/hashicorp/aws","schema_version":0,"values":{"expected_bucket_owner":null,"mfa":null,"versioning_configuration":[{"status":"Enabled"}]},"sensitive_values":{"versioning_configuration":[{}]}},{"address":"random_id.suffix","mode":"managed","type":"random_id","name":"suffix","provider_name":"registry.terraform.io/hashicorp/random","schema_version":0,"values":{"byte_length":4,"keepers":null,"prefix":null},"sensitive_values":{}}]}},"resource_changes":[{"address":"aws_s3_bucket.app","mode":"managed","type":"aws_s3_bucket","name":"app","provider_name":"registry.terraform.io/hashicorp/aws","change":{"actions":["create"],"before":null,"after":{"force_destroy":false,"tags":null,"tags_all":{"Managed":"terraform","Project":"example-s3-localstack"},"timeouts":null},"after_unknown":{"acceleration_status":true,"acl":true,"arn":true,"bucket":true,"bucket_domain_name":true,"bucket_prefix":true,"bucket_regional_domain_name":true,"cors_rule":true,"grant":true,"hosted_zone_id":true,"id":true,"lifecycle_rule":true,"logging":true,"object_lock_configuration":true,"object_lock_enabled":true,"policy":true,"region":true,"replication_configuration":true,"request_payer":true,"server_side_encryption_configuration":true,"tags_all":{},"versioning":true,"website":true,"website_domain":true,"website_endpoint":true},"before_sensitive":false,"after_sensitive":{"cors_rule":[],"grant":[],"lifecycle_rule":[],"logging":[],"object_lock_configuration":[],"replication_configuration":[],"server_side_encryption_configuration":[],"tags_all":{},"versioning":[],"website":[]}}},{"address":"aws_s3_bucket_public_access_block.app","mode":"managed","type":"aws_s3_bucket_public_access_block","name":"app","provider_name":"registry.terraform.io/hashicorp/aws","change":{"actions":["create"],"before":null,"after":{"block_public_acls":true,"block_public_policy":true,"ignore_public_acls":true,"restrict_public_buckets":true},"after_unknown":{"bucket":true,"id":true},"before_sensitive":false,"after_sensitive":{}}},{"address":"aws_s3_bucket_versioning.app","mode":"managed","type":"aws_s3_bucket_versioning","name":"app","provider_name":"registry.terraform.io/hashicorp/aws","change":{"actions":["create"],"before":null,"after":{"expected_bucket_owner":null,"mfa":null,"versioning_configuration":[{"status":"Enabled"}]},"after_unknown":{"bucket":true,"id":true,"versioning_configuration":[{"mfa_delete":true}]},"before_sensitive":false,"after_sensitive":{"versioning_configuration":[{}]}}},{"address":"random_id.suffix","mode":"managed","type":"random_id","name":"suffix","provider_name":"registry.terraform.io/hashicorp/random","change":{"actions":["create"],"before":null,"after":{"byte_length":4,"keepers":null,"prefix":null},"after_unknown":{"b64_std":true,"b64_url":true,"dec":true,"hex":true,"id":true},"before_sensitive":false,"after_sensitive":{}}}],"output_changes":{"s3_bucket_arn":{"actions":["create"],"before":null,"after_unknown":true,"before_sensitive":false,"after_sensitive":false},"s3_bucket_name":{"actions":["create"],"before":null,"after_unknown":true,"before_sensitive":false,"after_sensitive":false}},"configuration":{"provider_config":{"aws":{"name":"aws","full_name":"registry.terraform.io/hashicorp/aws","version_constraint":"~\u003e 5.0","expressions":{"default_tags":[{"tags":{"references":["var.app_name"]}}],"region":{"references":["var.aws_region"]}}},"random":{"name":"random","full_name":"registry.terraform.io/hashicorp/random","version_constraint":"~\u003e 3.6"}},"root_module":{"outputs":{"s3_bucket_arn":{"expression":{"references":["aws_s3_bucket.app.arn","aws_s3_bucket.app"]},"description":"ARN of the created S3 bucket."},"s3_bucket_name":{"expression":{"references":["aws_s3_bucket.app.bucket","aws_s3_bucket.app"]},"description":"Name of the created S3 bucket (versioning enabled)."}},"resources":[{"address":"aws_s3_bucket.app","mode":"managed","type":"aws_s3_bucket","name":"app","provider_config_key":"aws","expressions":{"bucket":{"references":["local.effective_bucket_name"]}},"schema_version":0},{"address":"aws_s3_bucket_public_access_block.app","mode":"managed","type":"aws_s3_bucket_public_access_block","name":"app","provider_config_key":"aws","expressions":{"block_public_acls":{"constant_value":true},"block_public_policy":{"constant_value":true},"bucket":{"references":["aws_s3_bucket.app.id","aws_s3_bucket.app"]},"ignore_public_acls":{"constant_value":true},"restrict_public_buckets":{"constant_value":true}},"schema_version":0},{"address":"aws_s3_bucket_versioning.app","mode":"managed","type":"aws_s3_bucket_versioning","name":"app","provider_config_key":"aws","expressions":{"bucket":{"references":["aws_s3_bucket.app.id","aws_s3_bucket.app"]},"versioning_configuration":[{"status":{"constant_value":"Enabled"}}]},"schema_version":0},{"address":"random_id.suffix","mode":"managed","type":"random_id","name":"suffix","provider_config_key":"random","expressions":{"byte_length":{"constant_value":4}},"schema_version":0}],"variables":{"app_name":{"default":"example-s3-localstack","description":"Application name used for naming/tagging."},"aws_region":{"default":"us-east-1","description":"AWS region to deploy into."},"bucket_name":{"default":"versionedexample","description":"S3 bucket name to create. Must be globally unique in real AWS."}}}},"relevant_attributes":[{"resource":"aws_s3_bucket.app","attribute":["arn"]},{"resource":"aws_s3_bucket.app","attribute":["id"]},{"resource":"aws_s3_bucket.app","attribute":["bucket"]},{"resource":"random_id.suffix","attribute":["hex"]}],"timestamp":"2026-01-25T15:40:55Z","applyable":true,"complete":true,"errored":false}
