{
  "version": 4,
  "terraform_version": "1.13.5",
  "serial": 1,
  "lineage": "f7127ab6-9564-2c62-a5c0-0360299b469c",
  "outputs": {},
  "resources": [
    {
      "mode": "managed",
      "type": "random_id",
      "name": "suffix",
      "provider": "provider[\"registry.terraform.io/hashicorp/random\"]",
      "instances": [
        {
          "schema_version": 0,
          "attributes": {
            "b64_std": "0AP/9Q==",
            "b64_url": "0AP_9Q",
            "byte_length": 4,
            "dec": "3489923061",
            "hex": "d003fff5",
            "id": "0AP_9Q",
            "keepers": null,
            "prefix": null
          },
          "sensitive_attributes": [],
          "identity_schema_version": 0
        }
      ]
    }
  ],
  "check_results": null
}
