data.archive_file.lambda_zip: Reading...
data.archive_file.lambda_dummy: Reading...
data.archive_file.lambda_dummy: Read complete after 0s [id=58e93fade67637870be5af38eff8d5aa66c7da49]
data.archive_file.lambda_zip: Read complete after 0s [id=23bf707a21bacf0b740ed41a9ad55281a4271075]
data.aws_iam_policy_document.lambda_assume: Reading...
data.aws_iam_policy_document.lambda_assume: Read complete after 0s [id=2690255455]

Terraform used the selected providers to generate the following execution
plan. Resource actions are indicated with the following symbols:
  + create
 <= read (data resources)

Terraform will perform the following actions:

  # data.aws_iam_policy_document.lambda_inline will be read during apply
  # (config refers to values not yet known)
 <= data "aws_iam_policy_document" "lambda_inline" {
      + id            = (known after apply)
      + json          = (known after apply)
      + minified_json = (known after apply)

      + statement {
          + actions   = [
              + "logs:CreateLogGroup",
              + "logs:CreateLogStream",
              + "logs:PutLogEvents",
            ]
          + effect    = "Allow"
          + resources = [
              + "*",
            ]
          + sid       = "AllowCloudWatchLogs"
        }
      + statement {
          + actions   = [
              + "sqs:ChangeMessageVisibility",
              + "sqs:DeleteMessage",
              + "sqs:GetQueueAttributes",
              + "sqs:ReceiveMessage",
            ]
          + effect    = "Allow"
          + resources = [
              + (known after apply),
            ]
          + sid       = "AllowSqsConsume"
        }
    }

  # aws_iam_role.lambda will be created
  + resource "aws_iam_role" "lambda" {
      + arn                   = (known after apply)
      + assume_role_policy    = jsonencode(
            {
              + Statement = [
                  + {
                      + Action    = "sts:AssumeRole"
                      + Effect    = "Allow"
                      + Principal = {
                          + Service = "lambda.amazonaws.com"
                        }
                    },
                ]
              + Version   = "2012-10-17"
            }
        )
      + create_date           = (known after apply)
      + force_detach_policies = false
      + id                    = (known after apply)
      + managed_policy_arns   = (known after apply)
      + max_session_duration  = 3600
      + name                  = "localstack-s3-sqs-lambda-lambda-role"
      + name_prefix           = (known after apply)
      + path                  = "/"
      + tags_all              = {
          + "Managed" = "terraform"
          + "Project" = "localstack-s3-sqs-lambda"
        }
      + unique_id             = (known after apply)

      + inline_policy (known after apply)
    }

  # aws_iam_role_policy.lambda_inline will be created
  + resource "aws_iam_role_policy" "lambda_inline" {
      + id          = (known after apply)
      + name        = "localstack-s3-sqs-lambda-lambda-inline"
      + name_prefix = (known after apply)
      + policy      = (known after apply)
      + role        = (known after apply)
    }

  # aws_lambda_event_source_mapping.sqs will be created
  + resource "aws_lambda_event_source_mapping" "sqs" {
      + arn                           = (known after apply)
      + batch_size                    = 10
      + enabled                       = true
      + event_source_arn              = (known after apply)
      + function_arn                  = (known after apply)
      + function_name                 = (known after apply)
      + id                            = (known after apply)
      + last_modified                 = (known after apply)
      + last_processing_result        = (known after apply)
      + maximum_record_age_in_seconds = (known after apply)
      + maximum_retry_attempts        = (known after apply)
      + parallelization_factor        = (known after apply)
      + region                        = "ap-southeast-1"
      + state                         = (known after apply)
      + state_transition_reason       = (known after apply)
      + tags_all                      = {
          + "Managed" = "terraform"
          + "Project" = "localstack-s3-sqs-lambda"
        }
      + uuid                          = (known after apply)

      + amazon_managed_kafka_event_source_config (known after apply)

      + self_managed_kafka_event_source_config (known after apply)
    }

  # aws_lambda_function.handler will be created
  + resource "aws_lambda_function" "handler" {
      + architectures                  = (known after apply)
      + arn                            = (known after apply)
      + code_sha256                    = (known after apply)
      + filename                       = "./.terraform-build/localstack-s3-sqs-lambda-handler.zip"
      + function_name                  = "localstack-s3-sqs-lambda-handler"
      + handler                        = "bootstrap"
      + id                             = (known after apply)
      + invoke_arn                     = (known after apply)
      + last_modified                  = (known after apply)
      + memory_size                    = 128
      + package_type                   = "Zip"
      + publish                        = false
      + qualified_arn                  = (known after apply)
      + qualified_invoke_arn           = (known after apply)
      + region                         = "ap-southeast-1"
      + reserved_concurrent_executions = -1
      + response_streaming_invoke_arn  = (known after apply)
      + role                           = (known after apply)
      + runtime                        = "provided.al2"
      + signing_job_arn                = (known after apply)
      + signing_profile_version_arn    = (known after apply)
      + skip_destroy                   = false
      + source_code_hash               = "HEJQz1lGRgkBh0ymrCTS2Ii4oN9b2VSPnSKiVuVAjkw="
      + source_code_size               = (known after apply)
      + tags_all                       = {
          + "Managed" = "terraform"
          + "Project" = "localstack-s3-sqs-lambda"
        }
      + timeout                        = 10
      + version                        = (known after apply)

      + ephemeral_storage (known after apply)

      + logging_config (known after apply)

      + tracing_config (known after apply)
    }

  # aws_s3_bucket.uploads will be created
  + resource "aws_s3_bucket" "uploads" {
      + acceleration_status         = (known after apply)
      + acl                         = (known after apply)
      + arn                         = (known after apply)
      + bucket                      = (known after apply)
      + bucket_domain_name          = (known after apply)
      + bucket_prefix               = (known after apply)
      + bucket_region               = (known after apply)
      + bucket_regional_domain_name = (known after apply)
      + force_destroy               = true
      + hosted_zone_id              = (known after apply)
      + id                          = (known after apply)
      + object_lock_enabled         = (known after apply)
      + policy                      = (known after apply)
      + region                      = "ap-southeast-1"
      + request_payer               = (known after apply)
      + tags_all                    = {
          + "Managed" = "terraform"
          + "Project" = "localstack-s3-sqs-lambda"
        }
      + website_domain              = (known after apply)
      + website_endpoint            = (known after apply)

      + cors_rule (known after apply)

      + grant (known after apply)

      + lifecycle_rule (known after apply)

      + logging (known after apply)

      + object_lock_configuration (known after apply)

      + replication_configuration (known after apply)

      + server_side_encryption_configuration (known after apply)

      + versioning (known after apply)

      + website (known after apply)
    }

  # aws_s3_bucket_notification.to_sqs will be created
  + resource "aws_s3_bucket_notification" "to_sqs" {
      + bucket      = (known after apply)
      + eventbridge = false
      + id          = (known after apply)
      + region      = "ap-southeast-1"

      + queue {
          + events        = [
              + "s3:ObjectCreated:*",
            ]
          + filter_suffix = ".csv"
          + id            = (known after apply)
          + queue_arn     = (known after apply)
        }
    }

  # aws_s3_bucket_public_access_block.uploads will be created
  + resource "aws_s3_bucket_public_access_block" "uploads" {
      + block_public_acls       = true
      + block_public_policy     = true
      + bucket                  = (known after apply)
      + id                      = (known after apply)
      + ignore_public_acls      = true
      + region                  = "ap-southeast-1"
      + restrict_public_buckets = true
    }

  # aws_sqs_queue.events will be created
  + resource "aws_sqs_queue" "events" {
      + arn                               = (known after apply)
      + content_based_deduplication       = false
      + deduplication_scope               = (known after apply)
      + delay_seconds                     = 0
      + fifo_queue                        = false
      + fifo_throughput_limit             = (known after apply)
      + id                                = (known after apply)
      + kms_data_key_reuse_period_seconds = (known after apply)
      + max_message_size                  = 262144
      + message_retention_seconds         = 345600
      + name                              = "localstack-s3-sqs-lambda-events"
      + name_prefix                       = (known after apply)
      + policy                            = (known after apply)
      + receive_wait_time_seconds         = 0
      + redrive_allow_policy              = (known after apply)
      + redrive_policy                    = (known after apply)
      + region                            = "ap-southeast-1"
      + sqs_managed_sse_enabled           = (known after apply)
      + tags_all                          = {
          + "Managed" = "terraform"
          + "Project" = "localstack-s3-sqs-lambda"
        }
      + url                               = (known after apply)
      + visibility_timeout_seconds        = 30
    }

  # aws_sqs_queue_policy.allow_s3 will be created
  + resource "aws_sqs_queue_policy" "allow_s3" {
      + id        = (known after apply)
      + policy    = (known after apply)
      + queue_url = (known after apply)
      + region    = "ap-southeast-1"
    }

  # random_id.suffix will be created
  + resource "random_id" "suffix" {
      + b64_std     = (known after apply)
      + b64_url     = (known after apply)
      + byte_length = 4
      + dec         = (known after apply)
      + hex         = (known after apply)
      + id          = (known after apply)
    }

Plan: 10 to add, 0 to change, 0 to destroy.

Changes to Outputs:
  + lambda_function_name = "localstack-s3-sqs-lambda-handler"
  + s3_bucket_name       = (known after apply)
  + sqs_queue_url        = (known after apply)
