{"format_version":"1.2","terraform_version":"1.13.5","variables":{"app_name":{"value":"localstack-s3-sqs-lambda"},"aws_region":{"value":"ap-southeast-1"},"bucket_name":{"value":null}},"planned_values":{"outputs":{"lambda_function_name":{"sensitive":false,"type":"string","value":"localstack-s3-sqs-lambda-handler"},"s3_bucket_name":{"sensitive":false},"sqs_queue_url":{"sensitive":false}},"root_module":{"resources":[{"address":"aws_iam_role.lambda","mode":"managed","type":"aws_iam_role","name":"lambda","provider_name":"registry.terraform.io/hashicorp/aws","schema_version":0,"values":{"assume_role_policy":"{\"Statement\":[{\"Action\":\"sts:AssumeRole\",\"Effect\":\"Allow\",\"Principal\":{\"Service\":\"lambda.amazonaws.com\"}}],\"Version\":\"2012-10-17\"}","description":null,"force_detach_policies":false,"max_session_duration":3600,"name":"localstack-s3-sqs-lambda-lambda-role","path":"/","permissions_boundary":null,"tags":null,"tags_all":{"Managed":"terraform","Project":"localstack-s3-sqs-lambda"}},"sensitive_values":{"inline_policy":[],"managed_policy_arns":[],"tags_all":{}},"identity_schema_version":0,"identity":{"account_id":null,"name":null}},{"address":"aws_iam_role_policy.lambda_inline","mode":"managed","type":"aws_iam_role_policy","name":"lambda_inline","provider_name":"registry.terraform.io/hashicorp/aws","schema_version":0,"values":{"name":"localstack-s3-sqs-lambda-lambda-inline"},"sensitive_values":{},"identity_schema_version":0,"identity":{"account_id":null,"name":null,"role":null}},{"address":"aws_lambda_event_source_mapping.sqs","mode":"managed","type":"aws_lambda_event_source_mapping","name":"sqs","provider_name":"registry.terraform.io/hashicorp/aws","schema_version":0,"values":{"batch_size":10,"bisect_batch_on_function_error":null,"destination_config":[],"document_db_event_source_config":[],"enabled":true,"filter_criteria":[],"function_response_types":null,"kms_key_arn":null,"maximum_batching_window_in_seconds":null,"metrics_config":[],"provisioned_poller_config":[],"queues":null,"region":"ap-southeast-1","scaling_config":[],"self_managed_event_source":[],"source_access_configuration":[],"starting_position":null,"starting_position_timestamp":null,"tags":null,"tags_all":{"Managed":"terraform","Project":"localstack-s3-sqs-lambda"},"topics":null,"tumbling_window_in_seconds":null},"sensitive_values":{"amazon_managed_kafka_event_source_config":[],"destination_config":[],"document_db_event_source_config":[],"filter_criteria":[],"metrics_config":[],"provisioned_poller_config":[],"scaling_config":[],"self_managed_event_source":[],"self_managed_kafka_event_source_config":[],"source_access_configuration":[],"tags_all":{}}},{"address":"aws_lambda_function.handler","mode":"managed","type":"aws_lambda_function","name":"handler","provider_name":"registry.terraform.io/hashicorp/aws","schema_version":0,"values":{"capacity_provider_config":[],"code_signing_config_arn":null,"dead_letter_config":[],"description":null,"durable_config":[],"environment":[],"file_system_config":[],"filename":"./.terraform-build/localstack-s3-sqs-lambda-handler.zip","function_name":"localstack-s3-sqs-lambda-handler","handler":"bootstrap","image_config":[],"image_uri":null,"kms_key_arn":null,"layers":null,"memory_size":128,"package_type":"Zip","publish":false,"publish_to":null,"region":"ap-southeast-1","replace_security_groups_on_destroy":null,"replacement_security_group_ids":null,"reserved_concurrent_executions":-1,"runtime":"provided.al2","s3_bucket":null,"s3_key":null,"s3_object_version":null,"skip_destroy":false,"snap_start":[],"source_code_hash":"HEJQz1lGRgkBh0ymrCTS2Ii4oN9b2VSPnSKiVuVAjkw=","source_kms_key_arn":null,"tags":null,"tags_all":{"Managed":"terraform","Project":"localstack-s3-sqs-lambda"},"tenancy_config":[],"timeout":10,"timeouts":null,"vpc_config":[]},"sensitive_values":{"architectures":[],"capacity_provider_config":[],"dead_letter_config":[],"durable_config":[],"environment":[],"ephemeral_storage":[],"file_system_config":[],"image_config":[],"logging_config":[],"snap_start":[],"tags_all":{},"tenancy_config":[],"tracing_config":[],"vpc_config":[]},"identity_schema_version":0,"identity":{"account_id":null,"function_name":null,"region":null}},{"address":"aws_s3_bucket.uploads","mode":"managed","type":"aws_s3_bucket","name":"uploads","provider_name":"registry.terraform.io/hashicorp/aws","schema_version":0,"values":{"force_destroy":true,"region":"ap-southeast-1","tags":null,"tags_all":{"Managed":"terraform","Project":"localstack-s3-sqs-lambda"},"timeouts":null},"sensitive_values":{"cors_rule":[],"grant":[],"lifecycle_rule":[],"logging":[],"object_lock_configuration":[],"replication_configuration":[],"server_side_encryption_configuration":[],"tags_all":{},"versioning":[],"website":[]},"identity_schema_version":0,"identity":{"account_id":null,"bucket":null,"region":null}},{"address":"aws_s3_bucket_notification.to_sqs","mode":"managed","type":"aws_s3_bucket_notification","name":"to_sqs","provider_name":"registry.terraform.io/hashicorp/aws","schema_version":0,"values":{"eventbridge":false,"lambda_function":[],"queue":[{"events":["s3:ObjectCreated:*"],"filter_prefix":null,"filter_suffix":".csv"}],"region":"ap-southeast-1","topic":[]},"sensitive_values":{"lambda_function":[],"queue":[{"events":[false]}],"topic":[]},"identity_schema_version":0,"identity":{"account_id":null,"bucket":null,"region":null}},{"address":"aws_s3_bucket_public_access_block.uploads","mode":"managed","type":"aws_s3_bucket_public_access_block","name":"uploads","provider_name":"registry.terraform.io/hashicorp/aws","schema_version":0,"values":{"block_public_acls":true,"block_public_policy":true,"ignore_public_acls":true,"region":"ap-southeast-1","restrict_public_buckets":true,"skip_destroy":null},"sensitive_values":{},"identity_schema_version":0,"identity":{"account_id":null,"bucket":null,"region":null}},{"address":"aws_sqs_queue.events","mode":"managed","type":"aws_sqs_queue","name":"events","provider_name":"registry.terraform.io/hashicorp/aws","schema_version":0,"values":{"content_based_deduplication":false,"delay_seconds":0,"fifo_queue":false,"kms_master_key_id":null,"max_message_size":262144,"message_retention_seconds":345600,"name":"localstack-s3-sqs-lambda-events","receive_wait_time_seconds":0,"region":"ap-southeast-1","tags":null,"tags_all":{"Managed":"terraform","Project":"localstack-s3-sqs-lambda"},"timeouts":null,"visibility_timeout_seconds":30},"sensitive_values":{"tags_all":{}},"identity_schema_version":1,"identity":{"url":null}},{"address":"aws_sqs_queue_policy.allow_s3","mode":"managed","type":"aws_sqs_queue_policy","name":"allow_s3","provider_name":"registry.terraform.io/hashicorp/aws","schema_version":1,"values":{"region":"ap-southeast-1"},"sensitive_values":{},"identity_schema_version":1,"identity":{"queue_url":null}},{"address":"data.aws_iam_policy_document.lambda_inline","mode":"data","type":"aws_iam_policy_document","name":"lambda_inline","provider_name":"registry.terraform.io/hashicorp/aws","schema_version":0,"values":{"override_json":null,"override_policy_documents":null,"policy_id":null,"source_json":null,"source_policy_documents":null,"statement":[{"actions":["logs:CreateLogGroup","logs:CreateLogStream","logs:PutLogEvents"],"condition":[],"effect":"Allow","not_actions":null,"not_principals":[],"not_resources":null,"principals":[],"resources":["*"],"sid":"AllowCloudWatchLogs"},{"actions":["sqs:ChangeMessageVisibility","sqs:DeleteMessage","sqs:GetQueueAttributes","sqs:ReceiveMessage"],"condition":[],"effect":"Allow","not_actions":null,"not_principals":[],"not_resources":null,"principals":[],"resources":[null],"sid":"AllowSqsConsume"}],"version":null},"sensitive_values":{"statement":[{"actions":[false,false,false],"condition":[],"not_principals":[],"principals":[],"resources":[false]},{"actions":[false,false,false,false],"condition":[],"not_principals":[],"principals":[],"resources":[false]}]}},{"address":"random_id.suffix","mode":"managed","type":"random_id","name":"suffix","provider_name":"registry.terraform.io/hashicorp/random","schema_version":0,"values":{"byte_length":4,"keepers":null,"prefix":null},"sensitive_values":{}}]}},"resource_changes":[{"address":"data.aws_iam_policy_document.lambda_inline","mode":"data","type":"aws_iam_policy_document","name":"lambda_inline","provider_name":"registry.terraform.io/hashicorp/aws","change":{"actions":["read"],"before":null,"after":{"override_json":null,"override_policy_documents":null,"policy_id":null,"source_json":null,"source_policy_documents":null,"statement":[{"actions":["logs:CreateLogGroup","logs:CreateLogStream","logs:PutLogEvents"],"condition":[],"effect":"Allow","not_actions":null,"not_principals":[],"not_resources":null,"principals":[],"resources":["*"],"sid":"AllowCloudWatchLogs"},{"actions":["sqs:ChangeMessageVisibility","sqs:DeleteMessage","sqs:GetQueueAttributes","sqs:ReceiveMessage"],"condition":[],"effect":"Allow","not_actions":null,"not_principals":[],"not_resources":null,"principals":[],"resources":[null],"sid":"AllowSqsConsume"}],"version":null},"after_unknown":{"id":true,"json":true,"minified_json":true,"statement":[{"actions":[false,false,false],"condition":[],"not_principals":[],"principals":[],"resources":[false]},{"actions":[false,false,false,false],"condition":[],"not_principals":[],"principals":[],"resources":[true]}]},"before_sensitive":false,"after_sensitive":{"statement":[{"actions":[false,false,false],"condition":[],"not_principals":[],"principals":[],"resources":[false]},{"actions":[false,false,false,false],"condition":[],"not_principals":[],"principals":[],"resources":[false]}]}},"action_reason":"read_because_config_unknown"},{"address":"aws_iam_role.lambda","mode":"managed","type":"aws_iam_role","name":"lambda","provider_name":"registry.terraform.io/hashicorp/aws","change":{"actions":["create"],"before":null,"after":{"assume_role_policy":"{\"Statement\":[{\"Action\":\"sts:AssumeRole\",\"Effect\":\"Allow\",\"Principal\":{\"Service\":\"lambda.amazonaws.com\"}}],\"Version\":\"2012-10-17\"}","description":null,"force_detach_policies":false,"max_session_duration":3600,"name":"localstack-s3-sqs-lambda-lambda-role","path":"/","permissions_boundary":null,"tags":null,"tags_all":{"Managed":"terraform","Project":"localstack-s3-sqs-lambda"}},"after_unknown":{"arn":true,"create_date":true,"id":true,"inline_policy":true,"managed_policy_arns":true,"name_prefix":true,"tags_all":{},"unique_id":true},"before_sensitive":false,"after_sensitive":{"inline_policy":[],"managed_policy_arns":[],"tags_all":{}},"after_identity":{"account_id":null,"name":null}}},{"address":"aws_iam_role_policy.lambda_inline","mode":"managed","type":"aws_iam_role_policy","name":"lambda_inline","provider_name":"registry.terraform.io/hashicorp/aws","change":{"actions":["create"],"before":null,"after":{"name":"localstack-s3-sqs-lambda-lambda-inline"},"after_unknown":{"id":true,"name_prefix":true,"policy":true,"role":true},"before_sensitive":false,"after_sensitive":{},"after_identity":{"account_id":null,"name":null,"role":null}}},{"address":"aws_lambda_event_source_mapping.sqs","mode":"managed","type":"aws_lambda_event_source_mapping","name":"sqs","provider_name":"registry.terraform.io/hashicorp/aws","change":{"actions":["create"],"before":null,"after":{"batch_size":10,"bisect_batch_on_function_error":null,"destination_config":[],"document_db_event_source_config":[],"enabled":true,"filter_criteria":[],"function_response_types":null,"kms_key_arn":null,"maximum_batching_window_in_seconds":null,"metrics_config":[],"provisioned_poller_config":[],"queues":null,"region":"ap-southeast-1","scaling_config":[],"self_managed_event_source":[],"source_access_configuration":[],"starting_position":null,"starting_position_timestamp":null,"tags":null,"tags_all":{"Managed":"terraform","Project":"localstack-s3-sqs-lambda"},"topics":null,"tumbling_window_in_seconds":null},"after_unknown":{"amazon_managed_kafka_event_source_config":true,"arn":true,"destination_config":[],"document_db_event_source_config":[],"event_source_arn":true,"filter_criteria":[],"function_arn":true,"function_name":true,"id":true,"last_modified":true,"last_processing_result":true,"maximum_record_age_in_seconds":true,"maximum_retry_attempts":true,"metrics_config":[],"parallelization_factor":true,"provisioned_poller_config":[],"scaling_config":[],"self_managed_event_source":[],"self_managed_kafka_event_source_config":true,"source_access_configuration":[],"state":true,"state_transition_reason":true,"tags_all":{},"uuid":true},"before_sensitive":false,"after_sensitive":{"amazon_managed_kafka_event_source_config":[],"destination_config":[],"document_db_event_source_config":[],"filter_criteria":[],"metrics_config":[],"provisioned_poller_config":[],"scaling_config":[],"self_managed_event_source":[],"self_managed_kafka_event_source_config":[],"source_access_configuration":[],"tags_all":{}}}},{"address":"aws_lambda_function.handler","mode":"managed","type":"aws_lambda_function","name":"handler","provider_name":"registry.terraform.io/hashicorp/aws","change":{"actions":["create"],"before":null,"after":{"capacity_provider_config":[],"code_signing_config_arn":null,"dead_letter_config":[],"description":null,"durable_config":[],"environment":[],"file_system_config":[],"filename":"./.terraform-build/localstack-s3-sqs-lambda-handler.zip","function_name":"localstack-s3-sqs-lambda-handler","handler":"bootstrap","image_config":[],"image_uri":null,"kms_key_arn":null,"layers":null,"memory_size":128,"package_type":"Zip","publish":false,"publish_to":null,"region":"ap-southeast-1","replace_security_groups_on_destroy":null,"replacement_security_group_ids":null,"reserved_concurrent_executions":-1,"runtime":"provided.al2","s3_bucket":null,"s3_key":null,"s3_object_version":null,"skip_destroy":false,"snap_start":[],"source_code_hash":"HEJQz1lGRgkBh0ymrCTS2Ii4oN9b2VSPnSKiVuVAjkw=","source_kms_key_arn":null,"tags":null,"tags_all":{"Managed":"terraform","Project":"localstack-s3-sqs-lambda"},"tenancy_config":[],"timeout":10,"timeouts":null,"vpc_config":[]},"after_unknown":{"architectures":true,"arn":true,"capacity_provider_config":[],"code_sha256":true,"dead_letter_config":[],"durable_config":[],"environment":[],"ephemeral_storage":true,"file_system_config":[],"id":true,"image_config":[],"invoke_arn":true,"last_modified":true,"logging_config":true,"qualified_arn":true,"qualified_invoke_arn":true,"response_streaming_invoke_arn":true,"role":true,"signing_job_arn":true,"signing_profile_version_arn":true,"snap_start":[],"source_code_size":true,"tags_all":{},"tenancy_config":[],"tracing_config":true,"version":true,"vpc_config":[]},"before_sensitive":false,"after_sensitive":{"architectures":[],"capacity_provider_config":[],"dead_letter_config":[],"durable_config":[],"environment":[],"ephemeral_storage":[],"file_system_config":[],"image_config":[],"logging_config":[],"snap_start":[],"tags_all":{},"tenancy_config":[],"tracing_config":[],"vpc_config":[]},"after_identity":{"account_id":null,"function_name":null,"region":null}}},{"address":"aws_s3_bucket.uploads","mode":"managed","type":"aws_s3_bucket","name":"uploads","provider_name":"registry.terraform.io/hashicorp/aws","change":{"actions":["create"],"before":null,"after":{"force_destroy":true,"region":"ap-southeast-1","tags":null,"tags_all":{"Managed":"terraform","Project":"localstack-s3-sqs-lambda"},"timeouts":null},"after_unknown":{"acceleration_status":true,"acl":true,"arn":true,"bucket":true,"bucket_domain_name":true,"bucket_prefix":true,"bucket_region":true,"bucket_regional_domain_name":true,"cors_rule":true,"grant":true,"hosted_zone_id":true,"id":true,"lifecycle_rule":true,"logging":true,"object_lock_configuration":true,"object_lock_enabled":true,"policy":true,"replication_configuration":true,"request_payer":true,"server_side_encryption_configuration":true,"tags_all":{},"versioning":true,"website":true,"website_domain":true,"website_endpoint":true},"before_sensitive":false,"after_sensitive":{"cors_rule":[],"grant":[],"lifecycle_rule":[],"logging":[],"object_lock_configuration":[],"replication_configuration":[],"server_side_encryption_configuration":[],"tags_all":{},"versioning":[],"website":[]},"after_identity":{"account_id":null,"bucket":null,"region":null}}},{"address":"aws_s3_bucket_notification.to_sqs","mode":"managed","type":"aws_s3_bucket_notification","name":"to_sqs","provider_name":"registry.terraform.io/hashicorp/aws","change":{"actions":["create"],"before":null,"after":{"eventbridge":false,"lambda_function":[],"queue":[{"events":["s3:ObjectCreated:*"],"filter_prefix":null,"filter_suffix":".csv"}],"region":"ap-southeast-1","topic":[]},"after_unknown":{"bucket":true,"id":true,"lambda_function":[],"queue":[{"events":[false],"id":true,"queue_arn":true}],"topic":[]},"before_sensitive":false,"after_sensitive":{"lambda_function":[],"queue":[{"events":[false]}],"topic":[]},"after_identity":{"account_id":null,"bucket":null,"region":null}}},{"address":"aws_s3_bucket_public_access_block.uploads","mode":"managed","type":"aws_s3_bucket_public_access_block","name":"uploads","provider_name":"registry.terraform.io/hashicorp/aws","change":{"actions":["create"],"before":null,"after":{"block_public_acls":true,"block_public_policy":true,"ignore_public_acls":true,"region":"ap-southeast-1","restrict_public_buckets":true,"skip_destroy":null},"after_unknown":{"bucket":true,"id":true},"before_sensitive":false,"after_sensitive":{},"after_identity":{"account_id":null,"bucket":null,"region":null}}},{"address":"aws_sqs_queue.events","mode":"managed","type":"aws_sqs_queue","name":"events","provider_name":"registry.terraform.io/hashicorp/aws","change":{"actions":["create"],"before":null,"after":{"content_based_deduplication":false,"delay_seconds":0,"fifo_queue":false,"kms_master_key_id":null,"max_message_size":262144,"message_retention_seconds":345600,"name":"localstack-s3-sqs-lambda-events","receive_wait_time_seconds":0,"region":"ap-southeast-1","tags":null,"tags_all":{"Managed":"terraform","Project":"localstack-s3-sqs-lambda"},"timeouts":null,"visibility_timeout_seconds":30},"after_unknown":{"arn":true,"deduplication_scope":true,"fifo_throughput_limit":true,"id":true,"kms_data_key_reuse_period_seconds":true,"name_prefix":true,"policy":true,"redrive_allow_policy":true,"redrive_policy":true,"sqs_managed_sse_enabled":true,"tags_all":{},"url":true},"before_sensitive":false,"after_sensitive":{"tags_all":{}},"after_identity":{"url":null}}},{"address":"aws_sqs_queue_policy.allow_s3","mode":"managed","type":"aws_sqs_queue_policy","name":"allow_s3","provider_name":"registry.terraform.io/hashicorp/aws","change":{"actions":["create"],"before":null,"after":{"region":"ap-southeast-1"},"after_unknown":{"id":true,"policy":true,"queue_url":true},"before_sensitive":false,"after_sensitive":{},"after_identity":{"queue_url":null}}},{"address":"random_id.suffix","mode":"managed","type":"random_id","name":"suffix","provider_name":"registry.terraform.io/hashicorp/random","change":{"actions":["create"],"before":null,"after":{"byte_length":4,"keepers":null,"prefix":null},"after_unknown":{"b64_std":true,"b64_url":true,"dec":true,"hex":true,"id":true},"before_sensitive":false,"after_sensitive":{}}}],"output_changes":{"lambda_function_name":{"actions":["create"],"before":null,"after":"localstack-s3-sqs-lambda-handler","after_unknown":false,"before_sensitive":false,"after_sensitive":false},"s3_bucket_name":{"actions":["create"],"before":null,"after_unknown":true,"before_sensitive":false,"after_sensitive":false},"sqs_queue_url":{"actions":["create"],"before":null,"after_unknown":true,"before_sensitive":false,"after_sensitive":false}},"prior_state":{"format_version":"1.0","terraform_version":"1.13.5","values":{"outputs":{"lambda_function_name":{"sensitive":false,"value":"localstack-s3-sqs-lambda-handler","type":"string"}},"root_module":{"resources":[{"address":"data.archive_file.lambda_dummy","mode":"data","type":"archive_file","name":"lambda_dummy","provider_name":"registry.terraform.io/hashicorp/archive","schema_version":0,"values":{"exclude_symlink_directories":null,"excludes":null,"id":"58e93fade67637870be5af38eff8d5aa66c7da49","output_base64sha256":"wmbalFzzY/wG3ivChKElOZB3+B4gptmQyIat05p+fU4=","output_base64sha512":"BQYAg1LwEY4tDmry1VoRx6StX0vjH+7LpfB5KAZLVvfJQjioPbBv1QxI6QF6P2U614fU3h9XKBCb9z5Y1ornqA==","output_file_mode":null,"output_md5":"a0dbd832a6a977d6d5b28ea5c85e30fb","output_path":"./.dummy/lambda.zip","output_sha":"58e93fade67637870be5af38eff8d5aa66c7da49","output_sha256":"c266da945cf363fc06de2bc284a125399077f81e20a6d990c886add39a7e7d4e","output_sha512":"0506008352f0118e2d0e6af2d55a11c7a4ad5f4be31feecba5f07928064b56f7c94238a83db06fd50c48e9017a3f653ad787d4de1f5728109bf73e58d68ae7a8","output_size":246,"source":[{"content":"exports.handler = async (event) =\u003e {\n  console.log(\"Dummy lambda invoked\");\n  return { statusCode: 200, body: \"dummy\" };\n};\n","filename":"index.js"}],"source_content":null,"source_content_filename":null,"source_dir":null,"source_file":null,"type":"zip"},"sensitive_values":{"source":[{}]}},{"address":"data.archive_file.lambda_zip","mode":"data","type":"archive_file","name":"lambda_zip","provider_name":"registry.terraform.io/hashicorp/archive","schema_version":0,"values":{"exclude_symlink_directories":null,"excludes":null,"id":"23bf707a21bacf0b740ed41a9ad55281a4271075","output_base64sha256":"HEJQz1lGRgkBh0ymrCTS2Ii4oN9b2VSPnSKiVuVAjkw=","output_base64sha512":"t4ybt2hunv7dzr7PDuDXKXCuWrokNzise7Y5u7EUR6ms4gkK9TXZB/LzCzhtbjbNpkIpVa6scJMiA65T5SdNFw==","output_file_mode":null,"output_md5":"cd07992ae139edba20e5f38ad9da4e05","output_path":"./.terraform-build/localstack-s3-sqs-lambda-handler.zip","output_sha":"23bf707a21bacf0b740ed41a9ad55281a4271075","output_sha256":"1c4250cf5946460901874ca6ac24d2d888b8a0df5bd9548f9d22a256e5408e4c","output_sha512":"b78c9bb7686e9efeddcebecf0ee0d72970ae5aba243738ac7bb639bbb11447a9ace2090af535d907f2f30b386d6e36cda6422955aeac70932203ae53e5274d17","output_size":3310463,"source":[],"source_content":null,"source_content_filename":null,"source_dir":null,"source_file":"./../lambda/build/bootstrap","type":"zip"},"sensitive_values":{"source":[]}},{"address":"data.aws_iam_policy_document.lambda_assume","mode":"data","type":"aws_iam_policy_document","name":"lambda_assume","provider_name":"registry.terraform.io/hashicorp/aws","schema_version":0,"values":{"id":"2690255455","json":"{\n  \"Version\": \"2012-10-17\",\n  \"Statement\": [\n    {\n      \"Effect\": \"Allow\",\n      \"Action\": \"sts:AssumeRole\",\n      \"Principal\": {\n        \"Service\": \"lambda.amazonaws.com\"\n      }\n    }\n  ]\n}","minified_json":"{\"Version\":\"2012-10-17\",\"Statement\":[{\"Effect\":\"Allow\",\"Action\":\"sts:AssumeRole\",\"Principal\":{\"Service\":\"lambda.amazonaws.com\"}}]}","override_json":null,"override_policy_documents":null,"policy_id":null,"source_json":null,"source_policy_documents":null,"statement":[{"actions":["sts:AssumeRole"],"condition":[],"effect":"Allow","not_actions":[],"not_principals":[],"not_resources":[],"principals":[{"identifiers":["lambda.amazonaws.com"],"type":"Service"}],"resources":[],"sid":""}],"version":"2012-10-17"},"sensitive_values":{"statement":[{"actions":[false],"condition":[],"not_actions":[],"not_principals":[],"not_resources":[],"principals":[{"identifiers":[false]}],"resources":[]}]}}]}}},"configuration":{"provider_config":{"archive":{"name":"archive","full_name":"registry.terraform.io/hashicorp/archive","version_constraint":"\u003e= 2.0.0"},"aws":{"name":"aws","full_name":"registry.terraform.io/hashicorp/aws","version_constraint":"~\u003e 6.27","expressions":{"default_tags":[{"tags":{"references":["var.app_name"]}}],"region":{"references":["var.aws_region"]}}},"random":{"name":"random","full_name":"registry.terraform.io/hashicorp/random"}},"root_module":{"outputs":{"lambda_function_name":{"expression":{"references":["aws_lambda_function.handler.function_name","aws_lambda_function.handler"]},"description":"Lambda function name processing SQS messages."},"s3_bucket_name":{"expression":{"references":["aws_s3_bucket.uploads.bucket","aws_s3_bucket.uploads"]},"description":"S3 bucket to upload CSV files to."},"sqs_queue_url":{"expression":{"references":["aws_sqs_queue.events.id","aws_sqs_queue.events"]},"description":"SQS queue URL receiving S3 notifications."}},"resources":[{"address":"aws_iam_role.lambda","mode":"managed","type":"aws_iam_role","name":"lambda","provider_config_key":"aws","expressions":{"assume_role_policy":{"references":["data.aws_iam_policy_document.lambda_assume.json","data.aws_iam_policy_document.lambda_assume"]},"name":{"references":["var.app_name"]}},"schema_version":0},{"address":"aws_iam_role_policy.lambda_inline","mode":"managed","type":"aws_iam_role_policy","name":"lambda_inline","provider_config_key":"aws","expressions":{"name":{"references":["var.app_name"]},"policy":{"references":["data.aws_iam_policy_document.lambda_inline.json","data.aws_iam_policy_document.lambda_inline"]},"role":{"references":["aws_iam_role.lambda.id","aws_iam_role.lambda"]}},"schema_version":0},{"address":"aws_lambda_event_source_mapping.sqs","mode":"managed","type":"aws_lambda_event_source_mapping","name":"sqs","provider_config_key":"aws","expressions":{"batch_size":{"constant_value":10},"enabled":{"constant_value":true},"event_source_arn":{"references":["aws_sqs_queue.events.arn","aws_sqs_queue.events"]},"function_name":{"references":["aws_lambda_function.handler.arn","aws_lambda_function.handler"]}},"schema_version":0},{"address":"aws_lambda_function.handler","mode":"managed","type":"aws_lambda_function","name":"handler","provider_config_key":"aws","expressions":{"filename":{"references":["data.archive_file.lambda_zip.output_path","data.archive_file.lambda_zip"]},"function_name":{"references":["local.lambda_name"]},"handler":{"constant_value":"bootstrap"},"memory_size":{"constant_value":128},"role":{"references":["aws_iam_role.lambda.arn","aws_iam_role.lambda"]},"runtime":{"constant_value":"provided.al2"},"source_code_hash":{"references":["data.archive_file.lambda_zip.output_base64sha256","data.archive_file.lambda_zip"]},"timeout":{"constant_value":10}},"schema_version":0,"depends_on":["aws_iam_role_policy.lambda_inline"]},{"address":"aws_s3_bucket.uploads","mode":"managed","type":"aws_s3_bucket","name":"uploads","provider_config_key":"aws","expressions":{"bucket":{"references":["var.bucket_name","var.app_name","random_id.suffix.hex","random_id.suffix"]},"force_destroy":{"constant_value":true}},"schema_version":0},{"address":"aws_s3_bucket_notification.to_sqs","mode":"managed","type":"aws_s3_bucket_notification","name":"to_sqs","provider_config_key":"aws","expressions":{"bucket":{"references":["aws_s3_bucket.uploads.id","aws_s3_bucket.uploads"]},"queue":[{"events":{"constant_value":["s3:ObjectCreated:*"]},"filter_suffix":{"constant_value":".csv"},"queue_arn":{"references":["aws_sqs_queue.events.arn","aws_sqs_queue.events"]}}]},"schema_version":0,"depends_on":["aws_sqs_queue_policy.allow_s3"]},{"address":"aws_s3_bucket_public_access_block.uploads","mode":"managed","type":"aws_s3_bucket_public_access_block","name":"uploads","provider_config_key":"aws","expressions":{"block_public_acls":{"constant_value":true},"block_public_policy":{"constant_value":true},"bucket":{"references":["aws_s3_bucket.uploads.id","aws_s3_bucket.uploads"]},"ignore_public_acls":{"constant_value":true},"restrict_public_buckets":{"constant_value":true}},"schema_version":0},{"address":"aws_sqs_queue.events","mode":"managed","type":"aws_sqs_queue","name":"events","provider_config_key":"aws","expressions":{"name":{"references":["var.app_name"]}},"schema_version":0},{"address":"aws_sqs_queue_policy.allow_s3","mode":"managed","type":"aws_sqs_queue_policy","name":"allow_s3","provider_config_key":"aws","expressions":{"policy":{"references":["aws_sqs_queue.events.arn","aws_sqs_queue.events","aws_s3_bucket.uploads.arn","aws_s3_bucket.uploads"]},"queue_url":{"references":["aws_sqs_queue.events.id","aws_sqs_queue.events"]}},"schema_version":1},{"address":"random_id.suffix","mode":"managed","type":"random_id","name":"suffix","provider_config_key":"random","expressions":{"byte_length":{"constant_value":4}},"schema_version":0},{"address":"data.archive_file.lambda_dummy","mode":"data","type":"archive_file","name":"lambda_dummy","provider_config_key":"archive","expressions":{"output_path":{"references":["local.lambda_dummy_zip"]},"source":[{"content":{"constant_value":"exports.handler = async (event) =\u003e {\n  console.log(\"Dummy lambda invoked\");\n  return { statusCode: 200, body: \"dummy\" };\n};\n"},"filename":{"constant_value":"index.js"}}],"type":{"constant_value":"zip"}},"schema_version":0},{"address":"data.archive_file.lambda_zip","mode":"data","type":"archive_file","name":"lambda_zip","provider_config_key":"archive","expressions":{"output_path":{"references":["path.module","local.lambda_name"]},"source_file":{"references":["path.module"]},"type":{"constant_value":"zip"}},"schema_version":0},{"address":"data.aws_iam_policy_document.lambda_assume","mode":"data","type":"aws_iam_policy_document","name":"lambda_assume","provider_config_key":"aws","expressions":{"statement":[{"actions":{"constant_value":["sts:AssumeRole"]},"principals":[{"identifiers":{"constant_value":["lambda.amazonaws.com"]},"type":{"constant_value":"Service"}}]}]},"schema_version":0},{"address":"data.aws_iam_policy_document.lambda_inline","mode":"data","type":"aws_iam_policy_document","name":"lambda_inline","provider_config_key":"aws","expressions":{"statement":[{"actions":{"constant_value":["logs:CreateLogGroup","logs:CreateLogStream","logs:PutLogEvents"]},"effect":{"constant_value":"Allow"},"resources":{"constant_value":["*"]},"sid":{"constant_value":"AllowCloudWatchLogs"}},{"actions":{"constant_value":["sqs:ReceiveMessage","sqs:DeleteMessage","sqs:GetQueueAttributes","sqs:ChangeMessageVisibility"]},"effect":{"constant_value":"Allow"},"resources":{"references":["aws_sqs_queue.events.arn","aws_sqs_queue.events"]},"sid":{"constant_value":"AllowSqsConsume"}}]},"schema_version":0}],"variables":{"app_name":{"default":"localstack-s3-sqs-lambda","description":"Application name used for resource naming/tagging."},"aws_region":{"default":"ap-southeast-1","description":"AWS region to deploy into."},"bucket_name":{"default":null,"description":"Optional fixed S3 bucket name. Leave null to have Terraform generate a unique name."}}}},"relevant_attributes":[{"resource":"aws_s3_bucket.uploads","attribute":["bucket"]},{"resource":"data.aws_iam_policy_document.lambda_assume","attribute":["json"]},{"resource":"aws_sqs_queue.events","attribute":["arn"]},{"resource":"data.aws_iam_policy_document.lambda_inline","attribute":["json"]},{"resource":"data.archive_file.lambda_zip","attribute":["output_path"]},{"resource":"aws_s3_bucket.uploads","attribute":["id"]},{"resource":"aws_sqs_queue.events","attribute":["id"]},{"resource":"aws_iam_role.lambda","attribute":["arn"]},{"resource":"aws_lambda_function.handler","attribute":["function_name"]},{"resource":"aws_iam_role.lambda","attribute":["id"]},{"resource":"random_id.suffix","attribute":["hex"]},{"resource":"data.archive_file.lambda_zip","attribute":["output_base64sha256"]},{"resource":"aws_s3_bucket.uploads","attribute":["arn"]},{"resource":"aws_lambda_function.handler","attribute":["arn"]}],"timestamp":"2026-01-27T04:10:08Z","applyable":true,"complete":true,"errored":false}
