{"format_version":"1.2","terraform_version":"1.13.5","planned_values":{"root_module":{"resources":[{"address":"aws_dynamodb_table.devopshobbies-dev-devops-consumer-events","mode":"managed","type":"aws_dynamodb_table","name":"devopshobbies-dev-devops-consumer-events","provider_name":"registry.terraform.io/hashicorp/aws","schema_version":1,"values":{"attribute":[{"name":"Id","type":"S"}],"billing_mode":"PROVISIONED","deletion_protection_enabled":null,"global_secondary_index":[],"hash_key":"Id","import_table":[],"local_secondary_index":[],"name":"devopshobbies-dev-devops-consumer-events","on_demand_throughput":[],"range_key":null,"read_capacity":20,"region":"eu-central-1","replica":[],"restore_date_time":null,"restore_source_name":null,"restore_source_table_arn":null,"restore_to_latest_time":null,"stream_enabled":null,"table_class":null,"tags":null,"timeouts":null,"write_capacity":20},"sensitive_values":{"attribute":[{}],"global_secondary_index":[],"global_table_witness":[],"import_table":[],"local_secondary_index":[],"on_demand_throughput":[],"point_in_time_recovery":[],"replica":[],"server_side_encryption":[],"tags_all":{},"ttl":[],"warm_throughput":[]}},{"address":"aws_sns_topic.sns_topic","mode":"managed","type":"aws_sns_topic","name":"sns_topic","provider_name":"registry.terraform.io/hashicorp/aws","schema_version":0,"values":{"application_failure_feedback_role_arn":null,"application_success_feedback_role_arn":null,"application_success_feedback_sample_rate":null,"archive_policy":null,"content_based_deduplication":false,"delivery_policy":null,"display_name":null,"fifo_topic":false,"firehose_failure_feedback_role_arn":null,"firehose_success_feedback_role_arn":null,"firehose_success_feedback_sample_rate":null,"http_failure_feedback_role_arn":null,"http_success_feedback_role_arn":null,"http_success_feedback_sample_rate":null,"kms_master_key_id":null,"lambda_failure_feedback_role_arn":null,"lambda_success_feedback_role_arn":null,"lambda_success_feedback_sample_rate":null,"name":"devopshobbies-devops-producer-events","region":"eu-central-1","sqs_failure_feedback_role_arn":null,"sqs_success_feedback_role_arn":null,"sqs_success_feedback_sample_rate":null,"tags":null},"sensitive_values":{"tags_all":{}},"identity_schema_version":0,"identity":{"arn":null}},{"address":"aws_sns_topic_subscription.private_http_subscription","mode":"managed","type":"aws_sns_topic_subscription","name":"private_http_subscription","provider_name":"registry.terraform.io/hashicorp/aws","schema_version":0,"values":{"confirmation_timeout_in_minutes":1,"delivery_policy":null,"endpoint_auto_confirms":true,"filter_policy":null,"protocol":"sqs","raw_message_delivery":false,"redrive_policy":null,"region":"eu-central-1","replay_policy":null,"subscription_role_arn":null},"sensitive_values":{},"identity_schema_version":0,"identity":{"arn":null}},{"address":"aws_sqs_queue.queue","mode":"managed","type":"aws_sqs_queue","name":"queue","provider_name":"registry.terraform.io/hashicorp/aws","schema_version":0,"values":{"content_based_deduplication":false,"delay_seconds":0,"fifo_queue":false,"kms_master_key_id":null,"max_message_size":262144,"message_retention_seconds":345600,"name":"devopshobbies-devops-consumer-events","receive_wait_time_seconds":0,"region":"eu-central-1","tags":null,"timeouts":null,"visibility_timeout_seconds":30},"sensitive_values":{"tags_all":{}},"identity_schema_version":1,"identity":{"url":null}}]}},"resource_drift":[{"address":"aws_dynamodb_table.devopshobbies-dev-devops-consumer-events","mode":"managed","type":"aws_dynamodb_table","name":"devopshobbies-dev-devops-consumer-events","provider_name":"registry.terraform.io/hashicorp/aws","change":{"actions":["delete"],"before":{"arn":"arn:aws:dynamodb:eu-central-1:000000000000:table/devopshobbies-dev-devops-consumer-events","attribute":[{"name":"Id","type":"S"}],"billing_mode":"PROVISIONED","deletion_protection_enabled":false,"global_secondary_index":[],"global_table_witness":[],"hash_key":"Id","id":"devopshobbies-dev-devops-consumer-events","import_table":[],"local_secondary_index":[],"name":"devopshobbies-dev-devops-consumer-events","on_demand_throughput":[],"point_in_time_recovery":[{"enabled":false,"recovery_period_in_days":null}],"range_key":null,"read_capacity":20,"region":null,"replica":[],"restore_date_time":null,"restore_source_name":null,"restore_source_table_arn":null,"restore_to_latest_time":null,"server_side_encryption":[],"stream_arn":"","stream_enabled":false,"stream_label":"","stream_view_type":"","table_class":"STANDARD","tags":null,"tags_all":{},"timeouts":null,"ttl":[{"attribute_name":"","enabled":false}],"warm_throughput":[],"write_capacity":20},"after":null,"after_unknown":{},"before_sensitive":{"attribute":[{}],"global_secondary_index":[],"global_table_witness":[],"import_table":[],"local_secondary_index":[],"on_demand_throughput":[],"point_in_time_recovery":[{}],"replica":[],"server_side_encryption":[],"tags_all":{},"ttl":[{}],"warm_throughput":[]},"after_sensitive":false}},{"address":"aws_sns_topic.sns_topic","mode":"managed","type":"aws_sns_topic","name":"sns_topic","provider_name":"registry.terraform.io/hashicorp/aws","change":{"actions":["delete"],"before":{"application_failure_feedback_role_arn":"","application_success_feedback_role_arn":"","application_success_feedback_sample_rate":0,"archive_policy":"","arn":"arn:aws:sns:eu-central-1:000000000000:devopshobbies-devops-producer-events","beginning_archive_time":"","content_based_deduplication":false,"delivery_policy":"","display_name":"","fifo_throughput_scope":null,"fifo_topic":false,"firehose_failure_feedback_role_arn":"","firehose_success_feedback_role_arn":"","firehose_success_feedback_sample_rate":0,"http_failure_feedback_role_arn":"","http_success_feedback_role_arn":"","http_success_feedback_sample_rate":0,"id":"arn:aws:sns:eu-central-1:000000000000:devopshobbies-devops-producer-events","kms_master_key_id":"","lambda_failure_feedback_role_arn":"","lambda_success_feedback_role_arn":"","lambda_success_feedback_sample_rate":0,"name":"devopshobbies-devops-producer-events","name_prefix":"","owner":"000000000000","policy":"{\"Id\":\"__default_policy_ID\",\"Statement\":[{\"Action\":[\"SNS:GetTopicAttributes\",\"SNS:SetTopicAttributes\",\"SNS:AddPermission\",\"SNS:RemovePermission\",\"SNS:DeleteTopic\",\"SNS:Subscribe\",\"SNS:ListSubscriptionsByTopic\",\"SNS:Publish\",\"SNS:Receive\"],\"Condition\":{\"StringEquals\":{\"AWS:SourceOwner\":\"000000000000\"}},\"Effect\":\"Allow\",\"Principal\":{\"AWS\":\"*\"},\"Resource\":\"arn:aws:sns:eu-central-1:000000000000:devopshobbies-devops-producer-events\",\"Sid\":\"__default_statement_ID\"}],\"Version\":\"2008-10-17\"}","region":null,"signature_version":0,"sqs_failure_feedback_role_arn":"","sqs_success_feedback_role_arn":"","sqs_success_feedback_sample_rate":0,"tags":null,"tags_all":{},"tracing_config":""},"after":null,"after_unknown":{},"before_sensitive":{"tags_all":{}},"after_sensitive":false}},{"address":"aws_sns_topic_subscription.private_http_subscription","mode":"managed","type":"aws_sns_topic_subscription","name":"private_http_subscription","provider_name":"registry.terraform.io/hashicorp/aws","change":{"actions":["delete"],"before":{"arn":"arn:aws:sns:eu-central-1:000000000000:devopshobbies-devops-producer-events:df3f59a6-d6fc-42ee-a72d-882d27e44d9d","confirmation_timeout_in_minutes":1,"confirmation_was_authenticated":true,"delivery_policy":"","endpoint":"arn:aws:sqs:eu-central-1:000000000000:devopshobbies-devops-consumer-events","endpoint_auto_confirms":true,"filter_policy":"","filter_policy_scope":"","id":"arn:aws:sns:eu-central-1:000000000000:devopshobbies-devops-producer-events:df3f59a6-d6fc-42ee-a72d-882d27e44d9d","owner_id":"000000000000","pending_confirmation":false,"protocol":"sqs","raw_message_delivery":false,"redrive_policy":"","region":null,"replay_policy":"","subscription_role_arn":"","topic_arn":"arn:aws:sns:eu-central-1:000000000000:devopshobbies-devops-producer-events"},"after":null,"after_unknown":{},"before_sensitive":{},"after_sensitive":false}},{"address":"aws_sqs_queue.queue","mode":"managed","type":"aws_sqs_queue","name":"queue","provider_name":"registry.terraform.io/hashicorp/aws","change":{"actions":["delete"],"before":{"arn":"arn:aws:sqs:eu-central-1:000000000000:devopshobbies-devops-consumer-events","content_based_deduplication":false,"deduplication_scope":"","delay_seconds":0,"fifo_queue":false,"fifo_throughput_limit":"","id":"http://sqs.eu-central-1.localhost.localstack.cloud:4566/000000000000/devopshobbies-devops-consumer-events","kms_data_key_reuse_period_seconds":300,"kms_master_key_id":"","max_message_size":262144,"message_retention_seconds":345600,"name":"devopshobbies-devops-consumer-events","name_prefix":"","policy":"","receive_wait_time_seconds":0,"redrive_allow_policy":"","redrive_policy":"","region":null,"sqs_managed_sse_enabled":true,"tags":null,"tags_all":{},"timeouts":null,"url":"http://sqs.eu-central-1.localhost.localstack.cloud:4566/000000000000/devopshobbies-devops-consumer-events","visibility_timeout_seconds":30},"after":null,"after_unknown":{},"before_sensitive":{"tags_all":{}},"after_sensitive":false}}],"resource_changes":[{"address":"aws_dynamodb_table.devopshobbies-dev-devops-consumer-events","mode":"managed","type":"aws_dynamodb_table","name":"devopshobbies-dev-devops-consumer-events","provider_name":"registry.terraform.io/hashicorp/aws","change":{"actions":["create"],"before":null,"after":{"attribute":[{"name":"Id","type":"S"}],"billing_mode":"PROVISIONED","deletion_protection_enabled":null,"global_secondary_index":[],"hash_key":"Id","import_table":[],"local_secondary_index":[],"name":"devopshobbies-dev-devops-consumer-events","on_demand_throughput":[],"range_key":null,"read_capacity":20,"region":"eu-central-1","replica":[],"restore_date_time":null,"restore_source_name":null,"restore_source_table_arn":null,"restore_to_latest_time":null,"stream_enabled":null,"table_class":null,"tags":null,"timeouts":null,"write_capacity":20},"after_unknown":{"arn":true,"attribute":[{}],"global_secondary_index":[],"global_table_witness":true,"id":true,"import_table":[],"local_secondary_index":[],"on_demand_throughput":[],"point_in_time_recovery":true,"replica":[],"server_side_encryption":true,"stream_arn":true,"stream_label":true,"stream_view_type":true,"tags_all":true,"ttl":true,"warm_throughput":true},"before_sensitive":false,"after_sensitive":{"attribute":[{}],"global_secondary_index":[],"global_table_witness":[],"import_table":[],"local_secondary_index":[],"on_demand_throughput":[],"point_in_time_recovery":[],"replica":[],"server_side_encryption":[],"tags_all":{},"ttl":[],"warm_throughput":[]}}},{"address":"aws_sns_topic.sns_topic","mode":"managed","type":"aws_sns_topic","name":"sns_topic","provider_name":"registry.terraform.io/hashicorp/aws","change":{"actions":["create"],"before":null,"after":{"application_failure_feedback_role_arn":null,"application_success_feedback_role_arn":null,"application_success_feedback_sample_rate":null,"archive_policy":null,"content_based_deduplication":false,"delivery_policy":null,"display_name":null,"fifo_topic":false,"firehose_failure_feedback_role_arn":null,"firehose_success_feedback_role_arn":null,"firehose_success_feedback_sample_rate":null,"http_failure_feedback_role_arn":null,"http_success_feedback_role_arn":null,"http_success_feedback_sample_rate":null,"kms_master_key_id":null,"lambda_failure_feedback_role_arn":null,"lambda_success_feedback_role_arn":null,"lambda_success_feedback_sample_rate":null,"name":"devopshobbies-devops-producer-events","region":"eu-central-1","sqs_failure_feedback_role_arn":null,"sqs_success_feedback_role_arn":null,"sqs_success_feedback_sample_rate":null,"tags":null},"after_unknown":{"arn":true,"beginning_archive_time":true,"fifo_throughput_scope":true,"id":true,"name_prefix":true,"owner":true,"policy":true,"signature_version":true,"tags_all":true,"tracing_config":true},"before_sensitive":false,"after_sensitive":{"tags_all":{}},"after_identity":{"arn":null}}},{"address":"aws_sns_topic_subscription.private_http_subscription","mode":"managed","type":"aws_sns_topic_subscription","name":"private_http_subscription","provider_name":"registry.terraform.io/hashicorp/aws","change":{"actions":["create"],"before":null,"after":{"confirmation_timeout_in_minutes":1,"delivery_policy":null,"endpoint_auto_confirms":true,"filter_policy":null,"protocol":"sqs","raw_message_delivery":false,"redrive_policy":null,"region":"eu-central-1","replay_policy":null,"subscription_role_arn":null},"after_unknown":{"arn":true,"confirmation_was_authenticated":true,"endpoint":true,"filter_policy_scope":true,"id":true,"owner_id":true,"pending_confirmation":true,"topic_arn":true},"before_sensitive":false,"after_sensitive":{},"after_identity":{"arn":null}}},{"address":"aws_sqs_queue.queue","mode":"managed","type":"aws_sqs_queue","name":"queue","provider_name":"registry.terraform.io/hashicorp/aws","change":{"actions":["create"],"before":null,"after":{"content_based_deduplication":false,"delay_seconds":0,"fifo_queue":false,"kms_master_key_id":null,"max_message_size":262144,"message_retention_seconds":345600,"name":"devopshobbies-devops-consumer-events","receive_wait_time_seconds":0,"region":"eu-central-1","tags":null,"timeouts":null,"visibility_timeout_seconds":30},"after_unknown":{"arn":true,"deduplication_scope":true,"fifo_throughput_limit":true,"id":true,"kms_data_key_reuse_period_seconds":true,"name_prefix":true,"policy":true,"redrive_allow_policy":true,"redrive_policy":true,"sqs_managed_sse_enabled":true,"tags_all":true,"url":true},"before_sensitive":false,"after_sensitive":{"tags_all":{}},"after_identity":{"url":null}}}],"configuration":{"provider_config":{"archive":{"name":"archive","full_name":"registry.terraform.io/hashicorp/archive","version_constraint":"\u003e= 2.0.0"},"aws":{"name":"aws","full_name":"registry.terraform.io/hashicorp/aws","version_constraint":"~\u003e 6.27.0","expressions":{"access_key":{"constant_value":"devopshobbies"},"endpoints":[{"apigateway":{"constant_value":"http://localhost:4566"},"apigatewayv2":{"constant_value":"http://localhost:4566"},"cloudformation":{"constant_value":"http://localhost:4566"},"cloudwatch":{"constant_value":"http://localhost:4566"},"dynamodb":{"constant_value":"http://localhost:4566"},"ec2":{"constant_value":"http://localhost:4566"},"elasticache":{"constant_value":"http://localhost:4566"},"es":{"constant_value":"http://localhost:4566"},"firehose":{"constant_value":"http://localhost:4566"},"iam":{"constant_value":"http://localhost:4566"},"kinesis":{"constant_value":"http://localhost:4566"},"lambda":{"constant_value":"http://localhost:4566"},"rds":{"constant_value":"http://localhost:4566"},"redshift":{"constant_value":"http://localhost:4566"},"route53":{"constant_value":"http://localhost:4566"},"s3":{"constant_value":"http://s3.localhost.localstack.cloud:4566"},"secretsmanager":{"constant_value":"http://localhost:4566"},"ses":{"constant_value":"http://localhost:4566"},"sns":{"constant_value":"http://localhost:4566"},"sqs":{"constant_value":"http://localhost:4566"},"ssm":{"constant_value":"http://localhost:4566"},"stepfunctions":{"constant_value":"http://localhost:4566"},"sts":{"constant_value":"http://localhost:4566"}}],"region":{"constant_value":"eu-central-1"},"secret_key":{"constant_value":"devopshobbies"},"skip_credentials_validation":{"constant_value":true},"skip_metadata_api_check":{"constant_value":true},"skip_requesting_account_id":{"constant_value":false}}}},"root_module":{"resources":[{"address":"aws_dynamodb_table.devopshobbies-dev-devops-consumer-events","mode":"managed","type":"aws_dynamodb_table","name":"devopshobbies-dev-devops-consumer-events","provider_config_key":"aws","expressions":{"attribute":[{"name":{"constant_value":"Id"},"type":{"constant_value":"S"}}],"hash_key":{"constant_value":"Id"},"name":{"constant_value":"devopshobbies-dev-devops-consumer-events"},"read_capacity":{"constant_value":"20"},"write_capacity":{"constant_value":"20"}},"schema_version":1},{"address":"aws_sns_topic.sns_topic","mode":"managed","type":"aws_sns_topic","name":"sns_topic","provider_config_key":"aws","expressions":{"name":{"constant_value":"devopshobbies-devops-producer-events"}},"schema_version":0},{"address":"aws_sns_topic_subscription.private_http_subscription","mode":"managed","type":"aws_sns_topic_subscription","name":"private_http_subscription","provider_config_key":"aws","expressions":{"endpoint":{"references":["aws_sqs_queue.queue.arn","aws_sqs_queue.queue"]},"endpoint_auto_confirms":{"constant_value":true},"protocol":{"constant_value":"sqs"},"topic_arn":{"references":["aws_sns_topic.sns_topic.arn","aws_sns_topic.sns_topic"]}},"schema_version":0},{"address":"aws_sqs_queue.queue","mode":"managed","type":"aws_sqs_queue","name":"queue","provider_config_key":"aws","expressions":{"name":{"constant_value":"devopshobbies-devops-consumer-events"}},"schema_version":0}]}},"relevant_attributes":[{"resource":"aws_sns_topic.sns_topic","attribute":["arn"]},{"resource":"aws_sqs_queue.queue","attribute":["arn"]}],"timestamp":"2026-01-23T14:16:39Z","applyable":true,"complete":true,"errored":false}
