{
  "version": 4,
  "terraform_version": "1.13.5",
  "serial": 8,
  "lineage": "7c039992-74f4-faa8-02f7-c0c4e5e476df",
  "outputs": {},
  "resources": [
    {
      "mode": "data",
      "type": "coder_workspace",
      "name": "me",
      "provider": "provider[\"registry.terraform.io/coder/coder\"]",
      "instances": [
        {
          "schema_version": 0,
          "attributes": {
            "access_port": 443,
            "access_url": "https://mydeployment.coder.com",
            "id": "69079ed4-3df6-424c-b205-9afb7a22d903",
            "name": "default",
            "owner": "default",
            "owner_email": "",
            "owner_id": "00000000-0000-0000-0000-000000000000",
            "owner_oidc_access_token": "",
            "start_count": 1,
            "transition": "start"
          },
          "sensitive_attributes": [],
          "identity_schema_version": 0
        }
      ]
    },
    {
      "mode": "managed",
      "type": "coder_agent",
      "name": "main",
      "provider": "provider[\"registry.terraform.io/coder/coder\"]",
      "instances": [
        {
          "schema_version": 0,
          "attributes": {
            "arch": "amd64",
            "auth": "token",
            "connection_timeout": 120,
            "dir": null,
            "env": {
              "GIT_AUTHOR_EMAIL": "",
              "GIT_AUTHOR_NAME": "default",
              "GIT_COMMITTER_EMAIL": "",
              "GIT_COMMITTER_NAME": "default"
            },
            "id": "681a8a7d-5560-4c4f-a474-d3063962ad40",
            "init_script": "",
            "login_before_ready": true,
            "metadata": [],
            "motd_file": null,
            "os": "linux",
            "shutdown_script": null,
            "shutdown_script_timeout": 300,
            "startup_script": "    #!/bin/sh\n    # install and start code-server\n    curl -fsSL https://code-server.dev/install.sh | sh\n    code-server --auth none --port 13337 \u0026\n    coder dotfiles -y \n",
            "startup_script_timeout": 300,
            "token": "9b4255e7-a56a-40c9-9746-bd59a9b1463f",
            "troubleshooting_url": null
          },
          "sensitive_attributes": [
            [
              {
                "type": "get_attr",
                "value": "token"
              }
            ]
          ],
          "identity_schema_version": 0,
          "private": "bnVsbA==",
          "dependencies": [
            "data.coder_workspace.me"
          ]
        }
      ]
    },
    {
      "mode": "managed",
      "type": "coder_app",
      "name": "code-server",
      "provider": "provider[\"registry.terraform.io/coder/coder\"]",
      "instances": [
        {
          "schema_version": 0,
          "attributes": {
            "agent_id": "681a8a7d-5560-4c4f-a474-d3063962ad40",
            "command": null,
            "display_name": "VS Code",
            "external": false,
            "healthcheck": [],
            "icon": "/icon/code.svg",
            "id": "c9a37735-03f7-4e93-b441-caffc5e280cc",
            "name": null,
            "relative_path": null,
            "share": "authenticated",
            "slug": "code-server",
            "subdomain": null,
            "url": "http://localhost:13337/?folder=/home/coder"
          },
          "sensitive_attributes": [],
          "identity_schema_version": 0,
          "private": "bnVsbA==",
          "dependencies": [
            "coder_agent.main",
            "data.coder_workspace.me"
          ]
        }
      ]
    },
    {
      "mode": "managed",
      "type": "coder_app",
      "name": "fastapi",
      "provider": "provider[\"registry.terraform.io/coder/coder\"]",
      "instances": [
        {
          "schema_version": 0,
          "attributes": {
            "agent_id": "681a8a7d-5560-4c4f-a474-d3063962ad40",
            "command": null,
            "display_name": "FastAPI",
            "external": false,
            "healthcheck": [],
            "icon": "https://styles.redditmedia.com/t5_22y58b/styles/communityIcon_r5ax236rfw961.png",
            "id": "584c4e21-35ab-4b84-8716-ca358f837184",
            "name": null,
            "relative_path": null,
            "share": "public",
            "slug": "fastapi",
            "subdomain": true,
            "url": "http://localhost:8000"
          },
          "sensitive_attributes": [],
          "identity_schema_version": 0,
          "private": "bnVsbA==",
          "dependencies": [
            "coder_agent.main",
            "data.coder_workspace.me"
          ]
        }
      ]
    },
    {
      "mode": "managed",
      "type": "coder_app",
      "name": "react",
      "provider": "provider[\"registry.terraform.io/coder/coder\"]",
      "instances": [
        {
          "schema_version": 0,
          "attributes": {
            "agent_id": "681a8a7d-5560-4c4f-a474-d3063962ad40",
            "command": null,
            "display_name": "React",
            "external": false,
            "healthcheck": [],
            "icon": "https://upload.wikimedia.org/wikipedia/commons/thumb/a/a7/React-icon.svg/1200px-React-icon.svg.png",
            "id": "03fe5851-1cae-44e0-a7a5-e2f4ae80de29",
            "name": null,
            "relative_path": null,
            "share": "public",
            "slug": "react",
            "subdomain": true,
            "url": "http://localhost:3000"
          },
          "sensitive_attributes": [],
          "identity_schema_version": 0,
          "private": "bnVsbA==",
          "dependencies": [
            "coder_agent.main",
            "data.coder_workspace.me"
          ]
        }
      ]
    }
  ],
  "check_results": [
    {
      "object_kind": "var",
      "config_addr": "var.ram",
      "status": "pass",
      "objects": [
        {
          "object_addr": "var.ram",
          "status": "pass"
        }
      ]
    },
    {
      "object_kind": "var",
      "config_addr": "var.share_vscode",
      "status": "pass",
      "objects": [
        {
          "object_addr": "var.share_vscode",
          "status": "pass"
        }
      ]
    },
    {
      "object_kind": "var",
      "config_addr": "var.share_app",
      "status": "pass",
      "objects": [
        {
          "object_addr": "var.share_app",
          "status": "pass"
        }
      ]
    },
    {
      "object_kind": "var",
      "config_addr": "var.python_version",
      "status": "pass",
      "objects": [
        {
          "object_addr": "var.python_version",
          "status": "pass"
        }
      ]
    },
    {
      "object_kind": "var",
      "config_addr": "var.node_version",
      "status": "pass",
      "objects": [
        {
          "object_addr": "var.node_version",
          "status": "pass"
        }
      ]
    },
    {
      "object_kind": "var",
      "config_addr": "var.cpu",
      "status": "pass",
      "objects": [
        {
          "object_addr": "var.cpu",
          "status": "pass"
        }
      ]
    }
  ]
}
