{
  "version": 4,
  "terraform_version": "1.13.5",
  "serial": 9,
  "lineage": "44fa8e76-8ea3-65cd-9df4-dd746337048b",
  "outputs": {
    "eventbridge_rule_name": {
      "value": "aws-iam-gitops-schedule",
      "type": "string"
    },
    "iam_role_arn": {
      "value": "arn:aws:iam::000000000000:role/aws-iam-gitops-lambda-role",
      "type": "string"
    },
    "lambda_function_name": {
      "value": "aws-iam-gitops",
      "type": "string"
    }
  },
  "resources": [
    {
      "mode": "data",
      "type": "archive_file",
      "name": "lambda_dummy",
      "provider": "provider[\"registry.terraform.io/hashicorp/archive\"]",
      "instances": [
        {
          "schema_version": 0,
          "attributes": {
            "exclude_symlink_directories": null,
            "excludes": null,
            "id": "58e93fade67637870be5af38eff8d5aa66c7da49",
            "output_base64sha256": "wmbalFzzY/wG3ivChKElOZB3+B4gptmQyIat05p+fU4=",
            "output_base64sha512": "BQYAg1LwEY4tDmry1VoRx6StX0vjH+7LpfB5KAZLVvfJQjioPbBv1QxI6QF6P2U614fU3h9XKBCb9z5Y1ornqA==",
            "output_file_mode": null,
            "output_md5": "a0dbd832a6a977d6d5b28ea5c85e30fb",
            "output_path": "./.dummy/lambda.zip",
            "output_sha": "58e93fade67637870be5af38eff8d5aa66c7da49",
            "output_sha256": "c266da945cf363fc06de2bc284a125399077f81e20a6d990c886add39a7e7d4e",
            "output_sha512": "0506008352f0118e2d0e6af2d55a11c7a4ad5f4be31feecba5f07928064b56f7c94238a83db06fd50c48e9017a3f653ad787d4de1f5728109bf73e58d68ae7a8",
            "output_size": 246,
            "source": [
              {
                "content": "exports.handler = async (event) =\u003e {\n  console.log(\"Dummy lambda invoked\");\n  return { statusCode: 200, body: \"dummy\" };\n};\n",
                "filename": "index.js"
              }
            ],
            "source_content": null,
            "source_content_filename": null,
            "source_dir": null,
            "source_file": null,
            "type": "zip"
          },
          "sensitive_attributes": [],
          "identity_schema_version": 0
        }
      ]
    },
    {
      "mode": "data",
      "type": "archive_file",
      "name": "lambda_zip",
      "provider": "provider[\"registry.terraform.io/hashicorp/archive\"]",
      "instances": [
        {
          "schema_version": 0,
          "attributes": {
            "exclude_symlink_directories": null,
            "excludes": null,
            "id": "277b2dcb5f2cee4476e147cbd303f2b94ad0bad0",
            "output_base64sha256": "JVX5LBp2ljy1Fuo7seDm9JHPHRBHf/DXkZXWMLQUIps=",
            "output_base64sha512": "3Wnwrl6f4rJy6wjRo4SyuZ4WLNbcsd8zzbB39s3/pNhkR0tF9RNv4bCGx5RGTZae0Y9GwxHEj1AIvM3RyvfZRw==",
            "output_file_mode": null,
            "output_md5": "9c3290b844c8d8faeb63d2a8e74f2e8d",
            "output_path": "./build/lambda.zip",
            "output_sha": "277b2dcb5f2cee4476e147cbd303f2b94ad0bad0",
            "output_sha256": "2555f92c1a76963cb516ea3bb1e0e6f491cf1d10477ff0d79195d630b414229b",
            "output_sha512": "dd69f0ae5e9fe2b272eb08d1a384b2b99e162cd6dcb1df33cdb077f6cdffa4d864474b45f5136fe1b086c794464d969ed18f46c311c48f5008bccdd1caf7d947",
            "output_size": 1330,
            "source": [
              {
                "content": "import json\nimport boto3\nimport os\nfrom random import randrange\n\ndef prettify_json(obj):\n    if isinstance(obj, dict):\n        for key, value in obj.items():\n            if isinstance(value, str):\n                try:\n                    value = json.loads(value)\n                except json.JSONDecodeError:\n                    pass\n            obj[key] = prettify_json(value)\n    elif isinstance(obj, list):\n        obj = [prettify_json(value) for value in obj]\n    return obj\n\ndef handler(event, context):\n\n    # AWS clients\n    iam = boto3.client('iam')\n    orgs = boto3.client('organizations')\n\n    # GitHub credentials\n    github_username = \"ai-basis-tf\"\n    github_token = \"ai-basis-tf\"\n    github_repo_name = \"ai-basis-tf\"\n\n    random_string = str(randrange(100, 100000))\n    local_repo = f\"/tmp/{random_string}\"\n\n    # Clone the repo\n    repo_url = f\"https://{github_username}:{github_token}@github.com/{github_username}/{github_repo_name}.git\"\n    clone_command = f\"git clone --depth 1 {repo_url} {local_repo}\"\n    os.system(clone_command)\n\n    # Change directory to the cloned repo\n    os.chdir(f\"{local_repo}\")\n\n    # Set Git user.name and user.email\n    os.system(f\"git config user.name {github_username}\")\n    os.system(f\"git config user.email {github_username}@notexist.com\")\n\n    # Remove existing folders\n    folders_to_remove = [\"roles\", \"policies\", \"scps\"]\n    for folder in folders_to_remove:\n        os.system(f\"rm -rf {folder}\")\n\n    # Create new folders and populate them\n    for client, category in [(iam, \"roles\"), (iam, \"policies\"), (orgs, \"scps\")]:\n        os.makedirs(category, exist_ok=True)\n        items = []\n        if category == \"roles\":\n            paginator = client.get_paginator('list_roles')\n            for page in paginator.paginate():\n                items.extend(page['Roles'])\n        elif category == \"policies\":\n            paginator = client.get_paginator('list_policies')\n            for page in paginator.paginate(Scope='All'):\n                items.extend(page['Policies'])\n        else:  # category == \"scps\"\n            paginator = orgs.get_paginator('list_policies')\n            for page in paginator.paginate(Filter='SERVICE_CONTROL_POLICY'):\n                items.extend(page['Policies'])\n            for item in items:\n                policy_detail = orgs.describe_policy(PolicyId=item['Id'])\n                item.update(policy_detail['Policy'])\n\n        for item in items:\n            file_name = f\"{item['RoleName']}.json\" if category == \"roles\" else f\"{item['PolicyName']}.json\" if category == \"policies\" else f\"{item['Id']}.json\"\n            with open(f\"{category}/{file_name}\", \"w\") as f:\n                json.dump(prettify_json(item), f, default=str, indent=4)\n\n    # Add and commit changes\n    os.system(\"git add .\")\n    commit_message = \"AWS IAM commit from lambda\"\n    os.system(f\"git commit -m '{commit_message}'\")\n\n    # Push changes\n    os.system(\"git push origin main\")\n    os.chdir(\"..\")\n    os.system(f\"rm -rf {local_repo}\")\n\n    return {\n        'statusCode': 200,\n        'body': json.dumps(\"Successful. Check your Github! https://github.com/{0}\".format(\"/\".join([github_username, github_repo_name])))\n    }\n",
                "filename": "lambda_function.py"
              }
            ],
            "source_content": null,
            "source_content_filename": null,
            "source_dir": null,
            "source_file": null,
            "type": "zip"
          },
          "sensitive_attributes": [
            [
              {
                "type": "get_attr",
                "value": "source"
              }
            ]
          ],
          "identity_schema_version": 0
        }
      ]
    },
    {
      "mode": "data",
      "type": "aws_caller_identity",
      "name": "current",
      "provider": "provider[\"registry.terraform.io/hashicorp/aws\"]",
      "instances": [
        {
          "schema_version": 0,
          "attributes": {
            "account_id": "000000000000",
            "arn": "arn:aws:iam::000000000000:root",
            "id": "000000000000",
            "user_id": "AKIAIOSFODNN7EXAMPLE"
          },
          "sensitive_attributes": [],
          "identity_schema_version": 0
        }
      ]
    },
    {
      "mode": "data",
      "type": "aws_partition",
      "name": "current",
      "provider": "provider[\"registry.terraform.io/hashicorp/aws\"]",
      "instances": [
        {
          "schema_version": 0,
          "attributes": {
            "dns_suffix": "amazonaws.com",
            "id": "aws",
            "partition": "aws",
            "reverse_dns_prefix": "com.amazonaws"
          },
          "sensitive_attributes": [],
          "identity_schema_version": 0
        }
      ]
    },
    {
      "mode": "data",
      "type": "aws_region",
      "name": "current",
      "provider": "provider[\"registry.terraform.io/hashicorp/aws\"]",
      "instances": [
        {
          "schema_version": 0,
          "attributes": {
            "description": "US East (N. Virginia)",
            "endpoint": "ec2.us-east-1.amazonaws.com",
            "id": "us-east-1",
            "name": "us-east-1",
            "region": "us-east-1"
          },
          "sensitive_attributes": [],
          "identity_schema_version": 0
        }
      ]
    },
    {
      "mode": "managed",
      "type": "aws_cloudwatch_event_rule",
      "name": "schedule",
      "provider": "provider[\"registry.terraform.io/hashicorp/aws\"]",
      "instances": [
        {
          "schema_version": 1,
          "attributes": {
            "arn": "arn:aws:events:us-east-1:000000000000:rule/aws-iam-gitops-schedule",
            "description": "Schedule to run aws-iam-gitops",
            "event_bus_name": "default",
            "event_pattern": null,
            "force_destroy": false,
            "id": "aws-iam-gitops-schedule",
            "is_enabled": true,
            "name": "aws-iam-gitops-schedule",
            "name_prefix": "",
            "region": "us-east-1",
            "role_arn": "",
            "schedule_expression": "rate(1 day)",
            "state": "ENABLED",
            "tags": null,
            "tags_all": {
              "Managed": "terraform",
              "Project": "aws-iam-gitops"
            }
          },
          "sensitive_attributes": [],
          "identity_schema_version": 0,
          "identity": {
            "account_id": "000000000000",
            "name": "aws-iam-gitops-schedule",
            "region": "us-east-1"
          },
          "private": "eyJzY2hlbWFfdmVyc2lvbiI6IjEifQ=="
        }
      ]
    },
    {
      "mode": "managed",
      "type": "aws_cloudwatch_event_target",
      "name": "lambda",
      "provider": "provider[\"registry.terraform.io/hashicorp/aws\"]",
      "instances": [
        {
          "schema_version": 1,
          "attributes": {
            "appsync_target": [],
            "arn": "arn:aws:lambda:us-east-1:000000000000:function:aws-iam-gitops",
            "batch_target": [],
            "dead_letter_config": [],
            "ecs_target": [],
            "event_bus_name": "default",
            "force_destroy": false,
            "http_target": [],
            "id": "aws-iam-gitops-schedule-lambda",
            "input": "",
            "input_path": "",
            "input_transformer": [],
            "kinesis_target": [],
            "redshift_target": [],
            "region": "us-east-1",
            "retry_policy": [],
            "role_arn": "",
            "rule": "aws-iam-gitops-schedule",
            "run_command_targets": [],
            "sagemaker_pipeline_target": [],
            "sqs_target": [],
            "target_id": "lambda"
          },
          "sensitive_attributes": [],
          "identity_schema_version": 0,
          "identity": {
            "account_id": "000000000000",
            "event_bus_name": "default",
            "region": "us-east-1",
            "rule": "aws-iam-gitops-schedule",
            "target_id": "lambda"
          },
          "private": "eyJzY2hlbWFfdmVyc2lvbiI6IjEifQ==",
          "dependencies": [
            "aws_cloudwatch_event_rule.schedule",
            "aws_iam_role.lambda",
            "aws_lambda_function.this",
            "data.archive_file.lambda_zip"
          ]
        }
      ]
    },
    {
      "mode": "managed",
      "type": "aws_iam_policy",
      "name": "lambda_permissions",
      "provider": "provider[\"registry.terraform.io/hashicorp/aws\"]",
      "instances": [
        {
          "schema_version": 0,
          "attributes": {
            "arn": "arn:aws:iam::000000000000:policy/aws-iam-gitops-lambda-permissions",
            "attachment_count": 0,
            "delay_after_policy_creation_in_ms": null,
            "description": "Permissions for aws-iam-gitops lambda to read IAM and Organizations SCPs",
            "id": "arn:aws:iam::000000000000:policy/aws-iam-gitops-lambda-permissions",
            "name": "aws-iam-gitops-lambda-permissions",
            "name_prefix": "",
            "path": "/",
            "policy": "{\"Statement\":[{\"Action\":[\"iam:ListRoles\",\"iam:ListPolicies\"],\"Effect\":\"Allow\",\"Resource\":\"*\",\"Sid\":\"IamRead\"},{\"Action\":[\"organizations:ListPolicies\",\"organizations:DescribePolicy\"],\"Effect\":\"Allow\",\"Resource\":\"*\",\"Sid\":\"OrgsRead\"}],\"Version\":\"2012-10-17\"}",
            "policy_id": "AXPQQNBD9LQFEZ36TOJXR",
            "tags": null,
            "tags_all": {
              "Managed": "terraform",
              "Project": "aws-iam-gitops"
            }
          },
          "sensitive_attributes": [],
          "identity_schema_version": 0,
          "identity": {
            "arn": "arn:aws:iam::000000000000:policy/aws-iam-gitops-lambda-permissions"
          },
          "private": "bnVsbA=="
        }
      ]
    },
    {
      "mode": "managed",
      "type": "aws_iam_role",
      "name": "lambda",
      "provider": "provider[\"registry.terraform.io/hashicorp/aws\"]",
      "instances": [
        {
          "schema_version": 0,
          "attributes": {
            "arn": "arn:aws:iam::000000000000:role/aws-iam-gitops-lambda-role",
            "assume_role_policy": "{\"Statement\":[{\"Action\":\"sts:AssumeRole\",\"Effect\":\"Allow\",\"Principal\":{\"Service\":\"lambda.amazonaws.com\"}}],\"Version\":\"2012-10-17\"}",
            "create_date": "2026-01-27T02:45:18Z",
            "description": "",
            "force_detach_policies": false,
            "id": "aws-iam-gitops-lambda-role",
            "inline_policy": [],
            "managed_policy_arns": [],
            "max_session_duration": 3600,
            "name": "aws-iam-gitops-lambda-role",
            "name_prefix": "",
            "path": "/",
            "permissions_boundary": "",
            "tags": null,
            "tags_all": {
              "Managed": "terraform",
              "Project": "aws-iam-gitops"
            },
            "unique_id": "AROAQAAAAAAAEEM4Z7NXW"
          },
          "sensitive_attributes": [],
          "identity_schema_version": 0,
          "identity": {
            "account_id": "000000000000",
            "name": "aws-iam-gitops-lambda-role"
          },
          "private": "bnVsbA=="
        }
      ]
    },
    {
      "mode": "managed",
      "type": "aws_iam_role_policy_attachment",
      "name": "basic",
      "provider": "provider[\"registry.terraform.io/hashicorp/aws\"]",
      "instances": [
        {
          "schema_version": 0,
          "attributes": {
            "id": "aws-iam-gitops-lambda-role/arn:aws:iam::aws:policy/service-role/AWSLambdaBasicExecutionRole",
            "policy_arn": "arn:aws:iam::aws:policy/service-role/AWSLambdaBasicExecutionRole",
            "role": "aws-iam-gitops-lambda-role"
          },
          "sensitive_attributes": [],
          "identity_schema_version": 0,
          "identity": {
            "account_id": "000000000000",
            "policy_arn": "arn:aws:iam::aws:policy/service-role/AWSLambdaBasicExecutionRole",
            "role": "aws-iam-gitops-lambda-role"
          },
          "private": "bnVsbA==",
          "dependencies": [
            "aws_iam_role.lambda",
            "data.aws_partition.current"
          ]
        }
      ]
    },
    {
      "mode": "managed",
      "type": "aws_iam_role_policy_attachment",
      "name": "lambda_permissions",
      "provider": "provider[\"registry.terraform.io/hashicorp/aws\"]",
      "instances": [
        {
          "schema_version": 0,
          "attributes": {
            "id": "aws-iam-gitops-lambda-role/arn:aws:iam::000000000000:policy/aws-iam-gitops-lambda-permissions",
            "policy_arn": "arn:aws:iam::000000000000:policy/aws-iam-gitops-lambda-permissions",
            "role": "aws-iam-gitops-lambda-role"
          },
          "sensitive_attributes": [],
          "identity_schema_version": 0,
          "identity": {
            "account_id": "000000000000",
            "policy_arn": "arn:aws:iam::000000000000:policy/aws-iam-gitops-lambda-permissions",
            "role": "aws-iam-gitops-lambda-role"
          },
          "private": "bnVsbA==",
          "dependencies": [
            "aws_iam_policy.lambda_permissions",
            "aws_iam_role.lambda"
          ]
        }
      ]
    },
    {
      "mode": "managed",
      "type": "aws_lambda_function",
      "name": "this",
      "provider": "provider[\"registry.terraform.io/hashicorp/aws\"]",
      "instances": [
        {
          "schema_version": 0,
          "attributes": {
            "architectures": [
              "x86_64"
            ],
            "arn": "arn:aws:lambda:us-east-1:000000000000:function:aws-iam-gitops",
            "capacity_provider_config": [],
            "code_sha256": "JVX5LBp2ljy1Fuo7seDm9JHPHRBHf/DXkZXWMLQUIps=",
            "code_signing_config_arn": "",
            "dead_letter_config": [],
            "description": "",
            "durable_config": [],
            "environment": [],
            "ephemeral_storage": [
              {
                "size": 512
              }
            ],
            "file_system_config": [],
            "filename": "./build/lambda.zip",
            "function_name": "aws-iam-gitops",
            "handler": "lambda_function.handler",
            "id": "aws-iam-gitops",
            "image_config": [],
            "image_uri": "",
            "invoke_arn": "arn:aws:apigateway:us-east-1:lambda:path/2015-03-31/functions/arn:aws:lambda:us-east-1:000000000000:function:aws-iam-gitops/invocations",
            "kms_key_arn": "",
            "last_modified": "2026-01-27T02:45:19.216543+0000",
            "layers": null,
            "logging_config": [
              {
                "application_log_level": "",
                "log_format": "Text",
                "log_group": "/aws/lambda/aws-iam-gitops",
                "system_log_level": ""
              }
            ],
            "memory_size": 128,
            "package_type": "Zip",
            "publish": false,
            "publish_to": null,
            "qualified_arn": "arn:aws:lambda:us-east-1:000000000000:function:aws-iam-gitops:$LATEST",
            "qualified_invoke_arn": "arn:aws:apigateway:us-east-1:lambda:path/2015-03-31/functions/arn:aws:lambda:us-east-1:000000000000:function:aws-iam-gitops:$LATEST/invocations",
            "region": "us-east-1",
            "replace_security_groups_on_destroy": null,
            "replacement_security_group_ids": null,
            "reserved_concurrent_executions": -1,
            "response_streaming_invoke_arn": "arn:aws:apigateway:us-east-1:lambda:path/2021-11-15/functions/arn:aws:lambda:us-east-1:000000000000:function:aws-iam-gitops/response-streaming-invocations",
            "role": "arn:aws:iam::000000000000:role/aws-iam-gitops-lambda-role",
            "runtime": "python3.11",
            "s3_bucket": null,
            "s3_key": null,
            "s3_object_version": null,
            "signing_job_arn": "",
            "signing_profile_version_arn": "",
            "skip_destroy": false,
            "snap_start": [],
            "source_code_hash": "JVX5LBp2ljy1Fuo7seDm9JHPHRBHf/DXkZXWMLQUIps=",
            "source_code_size": 1330,
            "source_kms_key_arn": "",
            "tags": null,
            "tags_all": {
              "Managed": "terraform",
              "Project": "aws-iam-gitops"
            },
            "tenancy_config": [],
            "timeout": 120,
            "timeouts": null,
            "tracing_config": [
              {
                "mode": "PassThrough"
              }
            ],
            "version": "$LATEST",
            "vpc_config": []
          },
          "sensitive_attributes": [],
          "identity_schema_version": 0,
          "identity": {
            "account_id": "000000000000",
            "function_name": "aws-iam-gitops",
            "region": "us-east-1"
          },
          "private": "eyJlMmJmYjczMC1lY2FhLTExZTYtOGY4OC0zNDM2M2JjN2M0YzAiOnsiY3JlYXRlIjo2MDAwMDAwMDAwMDAsImRlbGV0ZSI6NjAwMDAwMDAwMDAwLCJ1cGRhdGUiOjYwMDAwMDAwMDAwMH19",
          "dependencies": [
            "aws_iam_role.lambda",
            "data.archive_file.lambda_zip"
          ]
        }
      ]
    },
    {
      "mode": "managed",
      "type": "aws_lambda_permission",
      "name": "allow_eventbridge",
      "provider": "provider[\"registry.terraform.io/hashicorp/aws\"]",
      "instances": [
        {
          "schema_version": 0,
          "attributes": {
            "action": "lambda:InvokeFunction",
            "event_source_token": null,
            "function_name": "aws-iam-gitops",
            "function_url_auth_type": null,
            "id": "AllowExecutionFromEventBridge",
            "invoked_via_function_url": null,
            "principal": "events.amazonaws.com",
            "principal_org_id": null,
            "qualifier": "",
            "region": "us-east-1",
            "source_account": null,
            "source_arn": "arn:aws:events:us-east-1:000000000000:rule/aws-iam-gitops-schedule",
            "statement_id": "AllowExecutionFromEventBridge",
            "statement_id_prefix": ""
          },
          "sensitive_attributes": [],
          "identity_schema_version": 0,
          "identity": {
            "account_id": "000000000000",
            "function_name": "aws-iam-gitops",
            "qualifier": null,
            "region": "us-east-1",
            "statement_id": "AllowExecutionFromEventBridge"
          },
          "private": "bnVsbA==",
          "dependencies": [
            "aws_cloudwatch_event_rule.schedule",
            "aws_iam_role.lambda",
            "aws_lambda_function.this",
            "data.archive_file.lambda_zip"
          ]
        }
      ]
    }
  ],
  "check_results": null
}
