{
  "version": 4,
  "terraform_version": "1.13.5",
  "serial": 1,
  "lineage": "d51b6aa7-2319-afee-35a4-26fee9ad6508",
  "outputs": {},
  "resources": [
    {
      "mode": "managed",
      "type": "random_id",
      "name": "suffix",
      "provider": "provider[\"registry.terraform.io/hashicorp/random\"]",
      "instances": [
        {
          "schema_version": 0,
          "attributes": {
            "b64_std": "ng2l6A==",
            "b64_url": "ng2l6A",
            "byte_length": 4,
            "dec": "2651694568",
            "hex": "9e0da5e8",
            "id": "ng2l6A",
            "keepers": null,
            "prefix": null
          },
          "sensitive_attributes": [],
          "identity_schema_version": 0
        }
      ]
    }
  ],
  "check_results": null
}
