{
  "version": 4,
  "terraform_version": "1.13.5",
  "serial": 2,
  "lineage": "319f4c42-e554-61f0-3068-936fed3de40a",
  "outputs": {
    "app_runtime_role_arn": {
      "value": "arn:aws:iam::000000000000:role/helloworld-app-runtime-20260127021901650400000001",
      "type": "string"
    }
  },
  "resources": [
    {
      "mode": "managed",
      "type": "aws_iam_role",
      "name": "app_runtime",
      "provider": "provider[\"registry.terraform.io/hashicorp/aws\"]",
      "instances": [
        {
          "schema_version": 0,
          "attributes": {
            "arn": "arn:aws:iam::000000000000:role/helloworld-app-runtime-20260127021901650400000001",
            "assume_role_policy": "{\"Statement\":[{\"Action\":\"sts:AssumeRole\",\"Effect\":\"Allow\",\"Principal\":{\"Service\":\"ecs-tasks.amazonaws.com\"}}],\"Version\":\"2012-10-17\"}",
            "create_date": "2026-01-27T02:19:01Z",
            "description": "",
            "force_detach_policies": false,
            "id": "helloworld-app-runtime-20260127021901650400000001",
            "inline_policy": [],
            "managed_policy_arns": [],
            "max_session_duration": 3600,
            "name": "helloworld-app-runtime-20260127021901650400000001",
            "name_prefix": "helloworld-app-runtime-",
            "path": "/",
            "permissions_boundary": "",
            "tags": null,
            "tags_all": {
              "Managed": "terraform",
              "Project": "helloworld-app"
            },
            "unique_id": "AROAQAAAAAAAKRVC56SH3"
          },
          "sensitive_attributes": [],
          "identity_schema_version": 0,
          "identity": {
            "account_id": "000000000000",
            "name": "helloworld-app-runtime-20260127021901650400000001"
          },
          "private": "bnVsbA=="
        }
      ]
    },
    {
      "mode": "managed",
      "type": "aws_iam_role_policy",
      "name": "app_runtime_logs",
      "provider": "provider[\"registry.terraform.io/hashicorp/aws\"]",
      "instances": [
        {
          "schema_version": 0,
          "attributes": {
            "id": "helloworld-app-runtime-20260127021901650400000001:helloworld-app-logs-20260127021901787300000003",
            "name": "helloworld-app-logs-20260127021901787300000003",
            "name_prefix": "helloworld-app-logs-",
            "policy": "{\"Version\":\"2012-10-17\",\"Statement\":[{\"Action\":[\"logs:CreateLogGroup\",\"logs:CreateLogStream\",\"logs:PutLogEvents\"],\"Effect\":\"Allow\",\"Resource\":\"*\"}]}",
            "role": "helloworld-app-runtime-20260127021901650400000001"
          },
          "sensitive_attributes": [],
          "identity_schema_version": 0,
          "identity": {
            "account_id": "000000000000",
            "name": "helloworld-app-logs-20260127021901787300000003",
            "role": "helloworld-app-runtime-20260127021901650400000001"
          },
          "private": "bnVsbA==",
          "dependencies": [
            "aws_iam_role.app_runtime"
          ]
        }
      ]
    },
    {
      "mode": "managed",
      "type": "aws_s3_bucket",
      "name": "artifacts",
      "provider": "provider[\"registry.terraform.io/hashicorp/aws\"]",
      "instances": []
    }
  ],
  "check_results": null
}
