
Terraform used the selected providers to generate the following execution
plan. Resource actions are indicated with the following symbols:
  + create

Terraform will perform the following actions:

  # aws_cloudwatch_log_group.ecs_cluster will be created
  + resource "aws_cloudwatch_log_group" "ecs_cluster" {
      + arn               = (known after apply)
      + id                = (known after apply)
      + log_group_class   = (known after apply)
      + name              = "ecs_cluster"
      + name_prefix       = (known after apply)
      + retention_in_days = 0
      + skip_destroy      = false
      + tags_all          = (known after apply)
    }

  # aws_cloudwatch_log_group.frontend_landing_page-apps will be created
  + resource "aws_cloudwatch_log_group" "frontend_landing_page-apps" {
      + arn               = (known after apply)
      + id                = (known after apply)
      + log_group_class   = (known after apply)
      + name              = "frontend-landing-page-log-group"
      + name_prefix       = (known after apply)
      + retention_in_days = 0
      + skip_destroy      = false
      + tags_all          = (known after apply)
    }

  # aws_cloudwatch_metric_alarm.ecs_cpu_alarm will be created
  + resource "aws_cloudwatch_metric_alarm" "ecs_cpu_alarm" {
      + actions_enabled                       = true
      + alarm_actions                         = (known after apply)
      + alarm_description                     = "Alarm when CPU utilization exceeds 70%"
      + alarm_name                            = "ecs-cpu-alarm"
      + arn                                   = (known after apply)
      + comparison_operator                   = "GreaterThanThreshold"
      + dimensions                            = (known after apply)
      + evaluate_low_sample_count_percentiles = (known after apply)
      + evaluation_periods                    = 1
      + id                                    = (known after apply)
      + metric_name                           = "CPUUtilization"
      + namespace                             = "AWS/ECS"
      + period                                = 300
      + statistic                             = "Average"
      + tags_all                              = (known after apply)
      + threshold                             = 70
      + treat_missing_data                    = "missing"
    }

  # aws_ecs_cluster.poc_assessment will be created
  + resource "aws_ecs_cluster" "poc_assessment" {
      + arn      = (known after apply)
      + id       = (known after apply)
      + name     = "white-hart"
      + tags_all = (known after apply)

      + configuration {
          + execute_command_configuration {
              + logging = "OVERRIDE"

              + log_configuration {
                  + cloud_watch_log_group_name = "frontend-landing-page-log-group"
                }
            }
        }

      + setting (known after apply)
    }

  # aws_ecs_service.poc_assessment_service will be created
  + resource "aws_ecs_service" "poc_assessment_service" {
      + availability_zone_rebalancing      = "DISABLED"
      + cluster                            = "white-hart"
      + deployment_maximum_percent         = 200
      + deployment_minimum_healthy_percent = 100
      + desired_count                      = 2
      + enable_ecs_managed_tags            = false
      + enable_execute_command             = false
      + iam_role                           = (known after apply)
      + id                                 = (known after apply)
      + launch_type                        = "FARGATE"
      + name                               = "Poc-Assessment"
      + platform_version                   = (known after apply)
      + scheduling_strategy                = "REPLICA"
      + tags_all                           = (known after apply)
      + task_definition                    = (known after apply)
      + triggers                           = (known after apply)
      + wait_for_steady_state              = false

      + load_balancer {
          + container_name   = "hashicorp-http-echo-container"
          + container_port   = 5678
          + target_group_arn = (known after apply)
            # (1 unchanged attribute hidden)
        }

      + network_configuration {
          + assign_public_ip = false
          + security_groups  = (known after apply)
          + subnets          = (known after apply)
        }
    }

  # aws_ecs_task_definition.poc_assessment will be created
  + resource "aws_ecs_task_definition" "poc_assessment" {
      + arn                      = (known after apply)
      + arn_without_revision     = (known after apply)
      + container_definitions    = jsonencode(
            [
              + {
                  + essential        = true
                  + image            = "hashicorp/http-echo"
                  + logConfiguration = {
                      + logDriver = "awslogs"
                      + options   = {
                          + awslogs-group         = "frontend-landing-page-log-group"
                          + awslogs-region        = "us-east-1"
                          + awslogs-stream-prefix = "ecs"
                        }
                    }
                  + name             = "hashicorp-http-echo-container"
                  + portMappings     = [
                      + {
                          + containerPort = 5678
                        },
                    ]
                },
            ]
        )
      + cpu                      = "256"
      + enable_fault_injection   = (known after apply)
      + execution_role_arn       = "arn:aws:iam::062000045886:role/ecsTaskExecutionRole"
      + family                   = "poc-Assessment"
      + id                       = (known after apply)
      + memory                   = "512"
      + network_mode             = "awsvpc"
      + requires_compatibilities = [
          + "FARGATE",
        ]
      + revision                 = (known after apply)
      + skip_destroy             = false
      + tags_all                 = (known after apply)
      + track_latest             = false

      + runtime_platform {
          + cpu_architecture        = "X86_64"
          + operating_system_family = "LINUX"
        }
    }

  # aws_eip.nat_eip_1 will be created
  + resource "aws_eip" "nat_eip_1" {
      + allocation_id        = (known after apply)
      + arn                  = (known after apply)
      + association_id       = (known after apply)
      + carrier_ip           = (known after apply)
      + customer_owned_ip    = (known after apply)
      + domain               = "vpc"
      + id                   = (known after apply)
      + instance             = (known after apply)
      + ipam_pool_id         = (known after apply)
      + network_border_group = (known after apply)
      + network_interface    = (known after apply)
      + private_dns          = (known after apply)
      + private_ip           = (known after apply)
      + ptr_record           = (known after apply)
      + public_dns           = (known after apply)
      + public_ip            = (known after apply)
      + public_ipv4_pool     = (known after apply)
      + tags_all             = (known after apply)
      + vpc                  = (known after apply)
    }

  # aws_eip.nat_eip_2 will be created
  + resource "aws_eip" "nat_eip_2" {
      + allocation_id        = (known after apply)
      + arn                  = (known after apply)
      + association_id       = (known after apply)
      + carrier_ip           = (known after apply)
      + customer_owned_ip    = (known after apply)
      + domain               = "vpc"
      + id                   = (known after apply)
      + instance             = (known after apply)
      + ipam_pool_id         = (known after apply)
      + network_border_group = (known after apply)
      + network_interface    = (known after apply)
      + private_dns          = (known after apply)
      + private_ip           = (known after apply)
      + ptr_record           = (known after apply)
      + public_dns           = (known after apply)
      + public_ip            = (known after apply)
      + public_ipv4_pool     = (known after apply)
      + tags_all             = (known after apply)
      + vpc                  = (known after apply)
    }

  # aws_internet_gateway.my-internet-gateway will be created
  + resource "aws_internet_gateway" "my-internet-gateway" {
      + arn      = (known after apply)
      + id       = (known after apply)
      + owner_id = (known after apply)
      + tags     = {
          + "Name" = "my-internet-gateway"
        }
      + tags_all = {
          + "Name" = "my-internet-gateway"
        }
      + vpc_id   = (known after apply)
    }

  # aws_lb.poc-revamp-elb will be created
  + resource "aws_lb" "poc-revamp-elb" {
      + arn                                                          = (known after apply)
      + arn_suffix                                                   = (known after apply)
      + client_keep_alive                                            = 3600
      + desync_mitigation_mode                                       = "defensive"
      + dns_name                                                     = (known after apply)
      + drop_invalid_header_fields                                   = false
      + enable_deletion_protection                                   = false
      + enable_http2                                                 = true
      + enable_tls_version_and_cipher_suite_headers                  = false
      + enable_waf_fail_open                                         = false
      + enable_xff_client_port                                       = false
      + enable_zonal_shift                                           = false
      + enforce_security_group_inbound_rules_on_private_link_traffic = (known after apply)
      + id                                                           = (known after apply)
      + idle_timeout                                                 = 60
      + internal                                                     = false
      + ip_address_type                                              = (known after apply)
      + load_balancer_type                                           = "application"
      + name                                                         = "poc-accessment-elb"
      + name_prefix                                                  = (known after apply)
      + preserve_host_header                                         = false
      + security_groups                                              = (known after apply)
      + subnets                                                      = (known after apply)
      + tags_all                                                     = (known after apply)
      + vpc_id                                                       = (known after apply)
      + xff_header_processing_mode                                   = "append"
      + zone_id                                                      = (known after apply)

      + subnet_mapping (known after apply)
    }

  # aws_lb_listener.revamp_frontend_landing will be created
  + resource "aws_lb_listener" "revamp_frontend_landing" {
      + arn                                                                   = (known after apply)
      + id                                                                    = (known after apply)
      + load_balancer_arn                                                     = (known after apply)
      + port                                                                  = 80
      + protocol                                                              = "HTTP"
      + routing_http_request_x_amzn_mtls_clientcert_header_name               = (known after apply)
      + routing_http_request_x_amzn_mtls_clientcert_issuer_header_name        = (known after apply)
      + routing_http_request_x_amzn_mtls_clientcert_leaf_header_name          = (known after apply)
      + routing_http_request_x_amzn_mtls_clientcert_serial_number_header_name = (known after apply)
      + routing_http_request_x_amzn_mtls_clientcert_subject_header_name       = (known after apply)
      + routing_http_request_x_amzn_mtls_clientcert_validity_header_name      = (known after apply)
      + routing_http_request_x_amzn_tls_cipher_suite_header_name              = (known after apply)
      + routing_http_request_x_amzn_tls_version_header_name                   = (known after apply)
      + routing_http_response_access_control_allow_credentials_header_value   = (known after apply)
      + routing_http_response_access_control_allow_headers_header_value       = (known after apply)
      + routing_http_response_access_control_allow_methods_header_value       = (known after apply)
      + routing_http_response_access_control_allow_origin_header_value        = (known after apply)
      + routing_http_response_access_control_expose_headers_header_value      = (known after apply)
      + routing_http_response_access_control_max_age_header_value             = (known after apply)
      + routing_http_response_content_security_policy_header_value            = (known after apply)
      + routing_http_response_server_enabled                                  = (known after apply)
      + routing_http_response_strict_transport_security_header_value          = (known after apply)
      + routing_http_response_x_content_type_options_header_value             = (known after apply)
      + routing_http_response_x_frame_options_header_value                    = (known after apply)
      + ssl_policy                                                            = (known after apply)
      + tags_all                                                              = (known after apply)
      + tcp_idle_timeout_seconds                                              = (known after apply)

      + default_action {
          + order            = (known after apply)
          + target_group_arn = (known after apply)
          + type             = "forward"
        }

      + mutual_authentication (known after apply)
    }

  # aws_lb_target_group.poc_revamp_ecs_containers will be created
  + resource "aws_lb_target_group" "poc_revamp_ecs_containers" {
      + arn                                = (known after apply)
      + arn_suffix                         = (known after apply)
      + connection_termination             = (known after apply)
      + deregistration_delay               = "300"
      + id                                 = (known after apply)
      + ip_address_type                    = (known after apply)
      + lambda_multi_value_headers_enabled = false
      + load_balancer_arns                 = (known after apply)
      + load_balancing_algorithm_type      = (known after apply)
      + load_balancing_anomaly_mitigation  = (known after apply)
      + load_balancing_cross_zone_enabled  = (known after apply)
      + name                               = "poc-load-balancer-Group"
      + name_prefix                        = (known after apply)
      + port                               = 5678
      + preserve_client_ip                 = (known after apply)
      + protocol                           = "HTTP"
      + protocol_version                   = (known after apply)
      + proxy_protocol_v2                  = false
      + slow_start                         = 0
      + tags_all                           = (known after apply)
      + target_type                        = "ip"
      + vpc_id                             = (known after apply)

      + health_check {
          + enabled             = true
          + healthy_threshold   = 3
          + interval            = 30
          + matcher             = "200"
          + path                = "/"
          + port                = "traffic-port"
          + protocol            = "HTTP"
          + timeout             = 3
          + unhealthy_threshold = 2
        }

      + stickiness (known after apply)

      + target_failover (known after apply)

      + target_group_health (known after apply)

      + target_health_state (known after apply)
    }

  # aws_nat_gateway.nat_gateway_1 will be created
  + resource "aws_nat_gateway" "nat_gateway_1" {
      + allocation_id                      = (known after apply)
      + association_id                     = (known after apply)
      + connectivity_type                  = "public"
      + id                                 = (known after apply)
      + network_interface_id               = (known after apply)
      + private_ip                         = (known after apply)
      + public_ip                          = (known after apply)
      + secondary_private_ip_address_count = (known after apply)
      + secondary_private_ip_addresses     = (known after apply)
      + subnet_id                          = (known after apply)
      + tags_all                           = (known after apply)
    }

  # aws_nat_gateway.nat_gateway_2 will be created
  + resource "aws_nat_gateway" "nat_gateway_2" {
      + allocation_id                      = (known after apply)
      + association_id                     = (known after apply)
      + connectivity_type                  = "public"
      + id                                 = (known after apply)
      + network_interface_id               = (known after apply)
      + private_ip                         = (known after apply)
      + public_ip                          = (known after apply)
      + secondary_private_ip_address_count = (known after apply)
      + secondary_private_ip_addresses     = (known after apply)
      + subnet_id                          = (known after apply)
      + tags_all                           = (known after apply)
    }

  # aws_route_table.private_route_table_1 will be created
  + resource "aws_route_table" "private_route_table_1" {
      + arn              = (known after apply)
      + id               = (known after apply)
      + owner_id         = (known after apply)
      + propagating_vgws = (known after apply)
      + route            = [
          + {
              + cidr_block                 = "0.0.0.0/0"
              + nat_gateway_id             = (known after apply)
                # (11 unchanged attributes hidden)
            },
        ]
      + tags             = {
          + "Name" = "Public-Route-Table"
        }
      + tags_all         = {
          + "Name" = "Public-Route-Table"
        }
      + vpc_id           = (known after apply)
    }

  # aws_route_table.private_route_table_2 will be created
  + resource "aws_route_table" "private_route_table_2" {
      + arn              = (known after apply)
      + id               = (known after apply)
      + owner_id         = (known after apply)
      + propagating_vgws = (known after apply)
      + route            = [
          + {
              + cidr_block                 = "0.0.0.0/0"
              + nat_gateway_id             = (known after apply)
                # (11 unchanged attributes hidden)
            },
        ]
      + tags             = {
          + "Name" = "Public-Route-Table"
        }
      + tags_all         = {
          + "Name" = "Public-Route-Table"
        }
      + vpc_id           = (known after apply)
    }

  # aws_route_table.public_route_table will be created
  + resource "aws_route_table" "public_route_table" {
      + arn              = (known after apply)
      + id               = (known after apply)
      + owner_id         = (known after apply)
      + propagating_vgws = (known after apply)
      + route            = [
          + {
              + cidr_block                 = "0.0.0.0/0"
              + gateway_id                 = (known after apply)
                # (11 unchanged attributes hidden)
            },
        ]
      + tags             = {
          + "Name" = "Public-Route-Table"
        }
      + tags_all         = {
          + "Name" = "Public-Route-Table"
        }
      + vpc_id           = (known after apply)
    }

  # aws_route_table_association.private_subnet_1_association will be created
  + resource "aws_route_table_association" "private_subnet_1_association" {
      + id             = (known after apply)
      + route_table_id = (known after apply)
      + subnet_id      = (known after apply)
    }

  # aws_route_table_association.private_subnet_2_association will be created
  + resource "aws_route_table_association" "private_subnet_2_association" {
      + id             = (known after apply)
      + route_table_id = (known after apply)
      + subnet_id      = (known after apply)
    }

  # aws_route_table_association.public_subnet_1_association will be created
  + resource "aws_route_table_association" "public_subnet_1_association" {
      + id             = (known after apply)
      + route_table_id = (known after apply)
      + subnet_id      = (known after apply)
    }

  # aws_route_table_association.public_subnet_2_association will be created
  + resource "aws_route_table_association" "public_subnet_2_association" {
      + id             = (known after apply)
      + route_table_id = (known after apply)
      + subnet_id      = (known after apply)
    }

  # aws_security_group.ecs_security_group will be created
  + resource "aws_security_group" "ecs_security_group" {
      + arn                    = (known after apply)
      + description            = "Security group allowing ports 80"
      + egress                 = (known after apply)
      + id                     = (known after apply)
      + ingress                = (known after apply)
      + name                   = "POC-SG"
      + name_prefix            = (known after apply)
      + owner_id               = (known after apply)
      + revoke_rules_on_delete = false
      + tags_all               = (known after apply)
      + vpc_id                 = (known after apply)
    }

  # aws_security_group.elb_security_group will be created
  + resource "aws_security_group" "elb_security_group" {
      + arn                    = (known after apply)
      + description            = "Allow http inbound traffic from anywhere"
      + egress                 = (known after apply)
      + id                     = (known after apply)
      + ingress                = (known after apply)
      + name                   = "application-load-balancer"
      + name_prefix            = (known after apply)
      + owner_id               = (known after apply)
      + revoke_rules_on_delete = false
      + tags_all               = (known after apply)
      + vpc_id                 = (known after apply)
    }

  # aws_security_group_rule.allow_http_egress_traffic will be created
  + resource "aws_security_group_rule" "allow_http_egress_traffic" {
      + cidr_blocks              = [
          + "0.0.0.0/0",
        ]
      + from_port                = 0
      + id                       = (known after apply)
      + protocol                 = "-1"
      + security_group_id        = (known after apply)
      + security_group_rule_id   = (known after apply)
      + self                     = false
      + source_security_group_id = (known after apply)
      + to_port                  = 0
      + type                     = "egress"
    }

  # aws_security_group_rule.allow_http_ingress_traffic will be created
  + resource "aws_security_group_rule" "allow_http_ingress_traffic" {
      + from_port                = 5678
      + id                       = (known after apply)
      + protocol                 = "tcp"
      + security_group_id        = (known after apply)
      + security_group_rule_id   = (known after apply)
      + self                     = false
      + source_security_group_id = (known after apply)
      + to_port                  = 5678
      + type                     = "ingress"
    }

  # aws_security_group_rule.elb_allow_http_egress_traffic will be created
  + resource "aws_security_group_rule" "elb_allow_http_egress_traffic" {
      + cidr_blocks              = [
          + "0.0.0.0/0",
        ]
      + from_port                = 0
      + id                       = (known after apply)
      + protocol                 = "-1"
      + security_group_id        = (known after apply)
      + security_group_rule_id   = (known after apply)
      + self                     = false
      + source_security_group_id = (known after apply)
      + to_port                  = 0
      + type                     = "egress"
    }

  # aws_security_group_rule.elb_allow_http_ingress_traffic will be created
  + resource "aws_security_group_rule" "elb_allow_http_ingress_traffic" {
      + cidr_blocks              = [
          + "0.0.0.0/0",
        ]
      + from_port                = 80
      + id                       = (known after apply)
      + protocol                 = "tcp"
      + security_group_id        = (known after apply)
      + security_group_rule_id   = (known after apply)
      + self                     = false
      + source_security_group_id = (known after apply)
      + to_port                  = 80
      + type                     = "ingress"
    }

  # aws_sns_topic.notification_topic will be created
  + resource "aws_sns_topic" "notification_topic" {
      + arn                         = (known after apply)
      + beginning_archive_time      = (known after apply)
      + content_based_deduplication = false
      + fifo_throughput_scope       = (known after apply)
      + fifo_topic                  = false
      + id                          = (known after apply)
      + name                        = "ecs-cpu-usage-alert"
      + name_prefix                 = (known after apply)
      + owner                       = (known after apply)
      + policy                      = (known after apply)
      + signature_version           = (known after apply)
      + tags_all                    = (known after apply)
      + tracing_config              = (known after apply)
    }

  # aws_sns_topic_subscription.email_subscription will be created
  + resource "aws_sns_topic_subscription" "email_subscription" {
      + arn                             = (known after apply)
      + confirmation_timeout_in_minutes = 1
      + confirmation_was_authenticated  = (known after apply)
      + endpoint                        = "Josephifekwe97@gmail.com"
      + endpoint_auto_confirms          = false
      + filter_policy_scope             = (known after apply)
      + id                              = (known after apply)
      + owner_id                        = (known after apply)
      + pending_confirmation            = (known after apply)
      + protocol                        = "email"
      + raw_message_delivery            = false
      + topic_arn                       = (known after apply)
    }

  # aws_subnet.private_subnet_1 will be created
  + resource "aws_subnet" "private_subnet_1" {
      + arn                                            = (known after apply)
      + assign_ipv6_address_on_creation                = false
      + availability_zone                              = "us-east-1a"
      + availability_zone_id                           = (known after apply)
      + cidr_block                                     = "10.0.3.0/24"
      + enable_dns64                                   = false
      + enable_resource_name_dns_a_record_on_launch    = false
      + enable_resource_name_dns_aaaa_record_on_launch = false
      + id                                             = (known after apply)
      + ipv6_cidr_block_association_id                 = (known after apply)
      + ipv6_native                                    = false
      + map_public_ip_on_launch                        = false
      + owner_id                                       = (known after apply)
      + private_dns_hostname_type_on_launch            = (known after apply)
      + tags                                           = {
          + "Name" = "Private-Subnet-1"
        }
      + tags_all                                       = {
          + "Name" = "Private-Subnet-1"
        }
      + vpc_id                                         = (known after apply)
    }

  # aws_subnet.private_subnet_2 will be created
  + resource "aws_subnet" "private_subnet_2" {
      + arn                                            = (known after apply)
      + assign_ipv6_address_on_creation                = false
      + availability_zone                              = "us-east-1b"
      + availability_zone_id                           = (known after apply)
      + cidr_block                                     = "10.0.4.0/24"
      + enable_dns64                                   = false
      + enable_resource_name_dns_a_record_on_launch    = false
      + enable_resource_name_dns_aaaa_record_on_launch = false
      + id                                             = (known after apply)
      + ipv6_cidr_block_association_id                 = (known after apply)
      + ipv6_native                                    = false
      + map_public_ip_on_launch                        = false
      + owner_id                                       = (known after apply)
      + private_dns_hostname_type_on_launch            = (known after apply)
      + tags                                           = {
          + "Name" = "Private-Subnet-2"
        }
      + tags_all                                       = {
          + "Name" = "Private-Subnet-2"
        }
      + vpc_id                                         = (known after apply)
    }

  # aws_subnet.public_subnet_1 will be created
  + resource "aws_subnet" "public_subnet_1" {
      + arn                                            = (known after apply)
      + assign_ipv6_address_on_creation                = false
      + availability_zone                              = "us-east-1a"
      + availability_zone_id                           = (known after apply)
      + cidr_block                                     = "10.0.1.0/24"
      + enable_dns64                                   = false
      + enable_resource_name_dns_a_record_on_launch    = false
      + enable_resource_name_dns_aaaa_record_on_launch = false
      + id                                             = (known after apply)
      + ipv6_cidr_block_association_id                 = (known after apply)
      + ipv6_native                                    = false
      + map_public_ip_on_launch                        = false
      + owner_id                                       = (known after apply)
      + private_dns_hostname_type_on_launch            = (known after apply)
      + tags                                           = {
          + "Name" = "Public-Subnet-1"
        }
      + tags_all                                       = {
          + "Name" = "Public-Subnet-1"
        }
      + vpc_id                                         = (known after apply)
    }

  # aws_subnet.public_subnet_2 will be created
  + resource "aws_subnet" "public_subnet_2" {
      + arn                                            = (known after apply)
      + assign_ipv6_address_on_creation                = false
      + availability_zone                              = "us-east-1b"
      + availability_zone_id                           = (known after apply)
      + cidr_block                                     = "10.0.2.0/24"
      + enable_dns64                                   = false
      + enable_resource_name_dns_a_record_on_launch    = false
      + enable_resource_name_dns_aaaa_record_on_launch = false
      + id                                             = (known after apply)
      + ipv6_cidr_block_association_id                 = (known after apply)
      + ipv6_native                                    = false
      + map_public_ip_on_launch                        = false
      + owner_id                                       = (known after apply)
      + private_dns_hostname_type_on_launch            = (known after apply)
      + tags                                           = {
          + "Name" = "Public-Subnet-2"
        }
      + tags_all                                       = {
          + "Name" = "Public-Subnet-2"
        }
      + vpc_id                                         = (known after apply)
    }

  # aws_vpc.my-vpc-02 will be created
  + resource "aws_vpc" "my-vpc-02" {
      + arn                                  = (known after apply)
      + cidr_block                           = "10.0.0.0/16"
      + default_network_acl_id               = (known after apply)
      + default_route_table_id               = (known after apply)
      + default_security_group_id            = (known after apply)
      + dhcp_options_id                      = (known after apply)
      + enable_dns_hostnames                 = (known after apply)
      + enable_dns_support                   = true
      + enable_network_address_usage_metrics = (known after apply)
      + id                                   = (known after apply)
      + instance_tenancy                     = "default"
      + ipv6_association_id                  = (known after apply)
      + ipv6_cidr_block                      = (known after apply)
      + ipv6_cidr_block_network_border_group = (known after apply)
      + main_route_table_id                  = (known after apply)
      + owner_id                             = (known after apply)
      + tags                                 = {
          + "Name" = "my-vpc-02"
        }
      + tags_all                             = {
          + "Name" = "my-vpc-02"
        }
    }

Plan: 34 to add, 0 to change, 0 to destroy.
aws_cloudwatch_log_group.frontend_landing_page-apps: Creating...
aws_cloudwatch_log_group.ecs_cluster: Creating...
aws_sns_topic.notification_topic: Creating...
aws_vpc.my-vpc-02: Creating...
aws_sns_topic.notification_topic: Creation complete after 2s [id=arn:aws:sns:us-east-1:000000000000:ecs-cpu-usage-alert]
aws_sns_topic_subscription.email_subscription: Creating...
aws_sns_topic_subscription.email_subscription: Creation complete after 0s [id=arn:aws:sns:us-east-1:000000000000:ecs-cpu-usage-alert:6c7bc325-741c-4f0b-ac00-eff95f91bfcc]
aws_cloudwatch_log_group.ecs_cluster: Creation complete after 3s [id=ecs_cluster]
aws_cloudwatch_log_group.frontend_landing_page-apps: Creation complete after 3s [id=frontend-landing-page-log-group]
aws_ecs_cluster.poc_assessment: Creating...
aws_ecs_task_definition.poc_assessment: Creating...
aws_ecs_task_definition.poc_assessment: Creation complete after 2s [id=poc-Assessment]
aws_vpc.my-vpc-02: Creation complete after 6s [id=vpc-0f099806bfdd64d5a]
aws_internet_gateway.my-internet-gateway: Creating...
aws_security_group.ecs_security_group: Creating...
aws_subnet.private_subnet_2: Creating...
aws_subnet.private_subnet_1: Creating...
aws_subnet.public_subnet_1: Creating...
aws_security_group.elb_security_group: Creating...
aws_subnet.public_subnet_2: Creating...
aws_lb_target_group.poc_revamp_ecs_containers: Creating...
aws_subnet.public_subnet_1: Creation complete after 0s [id=subnet-a189b57957b7db64e]
aws_subnet.private_subnet_2: Creation complete after 0s [id=subnet-df418f1816b3f71e1]
aws_subnet.public_subnet_2: Creation complete after 0s [id=subnet-c4912d78d797c09f6]
aws_subnet.private_subnet_1: Creation complete after 0s [id=subnet-93fc9d0e6c24d4c87]
aws_internet_gateway.my-internet-gateway: Creation complete after 0s [id=igw-1f9fe57ba1e7c8cc8]
aws_eip.nat_eip_2: Creating...
aws_eip.nat_eip_1: Creating...
aws_route_table.public_route_table: Creating...
aws_eip.nat_eip_1: Creation complete after 0s [id=eipalloc-fd033772ca101f801]
aws_eip.nat_eip_2: Creation complete after 0s [id=eipalloc-7449e236fff22033f]
aws_nat_gateway.nat_gateway_2: Creating...
aws_nat_gateway.nat_gateway_1: Creating...
aws_nat_gateway.nat_gateway_2: Creation complete after 2s [id=nat-c6cb322138c5776a6]
aws_nat_gateway.nat_gateway_1: Creation complete after 2s [id=nat-882ea7d61deaa5a00]
aws_route_table.private_route_table_1: Creating...
aws_route_table.private_route_table_2: Creating...
aws_security_group.ecs_security_group: Creation complete after 2s [id=sg-8bee19596ed83b09f]
aws_route_table.public_route_table: Creation complete after 2s [id=rtb-bbb8c219073bfa21d]
aws_security_group_rule.allow_http_egress_traffic: Creating...
aws_security_group.elb_security_group: Creation complete after 2s [id=sg-faeb121f0a2a208bf]
aws_security_group_rule.allow_http_egress_traffic: Creation complete after 0s [id=sgrule-3500734589]
aws_route_table_association.public_subnet_2_association: Creating...
aws_route_table_association.public_subnet_1_association: Creating...
aws_security_group_rule.allow_http_ingress_traffic: Creating...
aws_security_group_rule.elb_allow_http_egress_traffic: Creating...
aws_security_group_rule.elb_allow_http_ingress_traffic: Creating...
aws_lb.poc-revamp-elb: Creating...
aws_security_group_rule.allow_http_ingress_traffic: Creation complete after 0s [id=sgrule-2366343139]
aws_security_group_rule.elb_allow_http_egress_traffic: Creation complete after 0s [id=sgrule-2592915295]
aws_route_table_association.public_subnet_1_association: Creation complete after 0s [id=rtbassoc-aff538f5b978c4620]
aws_route_table_association.public_subnet_2_association: Creation complete after 0s [id=rtbassoc-cf41ec9f18ccbca98]
aws_security_group_rule.elb_allow_http_ingress_traffic: Creation complete after 0s [id=sgrule-1396470026]
aws_route_table.private_route_table_1: Creation complete after 1s [id=rtb-f22bad420545e1ef1]
aws_route_table_association.private_subnet_1_association: Creating...
aws_route_table.private_route_table_2: Creation complete after 1s [id=rtb-25def5a7585f05ea7]
aws_route_table_association.private_subnet_2_association: Creating...
aws_route_table_association.private_subnet_1_association: Creation complete after 0s [id=rtbassoc-8f86ad5ce877bfec4]
aws_lb_target_group.poc_revamp_ecs_containers: Creation complete after 3s [id=arn:aws:elasticloadbalancing:us-east-1:000000000000:targetgroup/poc-load-balancer-Group/6966cc9b4f271ea9]
aws_route_table_association.private_subnet_2_association: Creation complete after 0s [id=rtbassoc-39f58bd2e86c6a2b6]
aws_ecs_cluster.poc_assessment: Still creating... [00m10s elapsed]
aws_ecs_cluster.poc_assessment: Creation complete after 12s [id=arn:aws:ecs:us-east-1:000000000000:cluster/white-hart]
aws_cloudwatch_metric_alarm.ecs_cpu_alarm: Creating...
aws_ecs_service.poc_assessment_service: Creating...
aws_cloudwatch_metric_alarm.ecs_cpu_alarm: Creation complete after 0s [id=ecs-cpu-alarm]
aws_lb.poc-revamp-elb: Still creating... [00m10s elapsed]
aws_ecs_service.poc_assessment_service: Creation complete after 3s [id=arn:aws:ecs:us-east-1:000000000000:service/white-hart/Poc-Assessment]
aws_lb.poc-revamp-elb: Still creating... [00m20s elapsed]
aws_lb.poc-revamp-elb: Still creating... [00m30s elapsed]
aws_lb.poc-revamp-elb: Still creating... [00m40s elapsed]
aws_lb.poc-revamp-elb: Still creating... [00m50s elapsed]
aws_lb.poc-revamp-elb: Still creating... [01m00s elapsed]
aws_lb.poc-revamp-elb: Creation complete after 1m1s [id=arn:aws:elasticloadbalancing:us-east-1:000000000000:loadbalancer/app/poc-accessment-elb/1f907152908267c0]
aws_lb_listener.revamp_frontend_landing: Creating...
aws_lb_listener.revamp_frontend_landing: Creation complete after 0s [id=arn:aws:elasticloadbalancing:us-east-1:000000000000:listener/app/poc-accessment-elb/1f907152908267c0/dabd0eb95b591523]

Apply complete! Resources: 34 added, 0 changed, 0 destroyed.
