aws_cloudwatch_log_group.ecs_cluster: Refreshing state... [id=ecs_cluster]
aws_cloudwatch_log_group.frontend_landing_page-apps: Refreshing state... [id=frontend-landing-page-log-group]
aws_sns_topic.notification_topic: Refreshing state... [id=arn:aws:sns:us-east-1:000000000000:ecs-cpu-usage-alert]
aws_vpc.my-vpc-02: Refreshing state... [id=vpc-0f099806bfdd64d5a]
aws_ecs_task_definition.poc_assessment: Refreshing state... [id=poc-Assessment]
aws_ecs_cluster.poc_assessment: Refreshing state... [id=arn:aws:ecs:us-east-1:000000000000:cluster/white-hart]
aws_sns_topic_subscription.email_subscription: Refreshing state... [id=arn:aws:sns:us-east-1:000000000000:ecs-cpu-usage-alert:6c7bc325-741c-4f0b-ac00-eff95f91bfcc]
aws_cloudwatch_metric_alarm.ecs_cpu_alarm: Refreshing state... [id=ecs-cpu-alarm]
aws_internet_gateway.my-internet-gateway: Refreshing state... [id=igw-1f9fe57ba1e7c8cc8]
aws_subnet.private_subnet_1: Refreshing state... [id=subnet-93fc9d0e6c24d4c87]
aws_security_group.ecs_security_group: Refreshing state... [id=sg-8bee19596ed83b09f]
aws_subnet.public_subnet_1: Refreshing state... [id=subnet-a189b57957b7db64e]
aws_subnet.public_subnet_2: Refreshing state... [id=subnet-c4912d78d797c09f6]
aws_security_group.elb_security_group: Refreshing state... [id=sg-faeb121f0a2a208bf]
aws_subnet.private_subnet_2: Refreshing state... [id=subnet-df418f1816b3f71e1]
aws_lb_target_group.poc_revamp_ecs_containers: Refreshing state... [id=arn:aws:elasticloadbalancing:us-east-1:000000000000:targetgroup/poc-load-balancer-Group/6966cc9b4f271ea9]
aws_eip.nat_eip_2: Refreshing state... [id=eipalloc-7449e236fff22033f]
aws_eip.nat_eip_1: Refreshing state... [id=eipalloc-fd033772ca101f801]
aws_route_table.public_route_table: Refreshing state... [id=rtb-bbb8c219073bfa21d]
aws_security_group_rule.allow_http_egress_traffic: Refreshing state... [id=sgrule-3500734589]
aws_security_group_rule.elb_allow_http_egress_traffic: Refreshing state... [id=sgrule-2592915295]
aws_security_group_rule.allow_http_ingress_traffic: Refreshing state... [id=sgrule-2366343139]
aws_security_group_rule.elb_allow_http_ingress_traffic: Refreshing state... [id=sgrule-1396470026]
aws_lb.poc-revamp-elb: Refreshing state... [id=arn:aws:elasticloadbalancing:us-east-1:000000000000:loadbalancer/app/poc-accessment-elb/1f907152908267c0]
aws_route_table_association.public_subnet_1_association: Refreshing state... [id=rtbassoc-aff538f5b978c4620]
aws_route_table_association.public_subnet_2_association: Refreshing state... [id=rtbassoc-cf41ec9f18ccbca98]
aws_nat_gateway.nat_gateway_2: Refreshing state... [id=nat-c6cb322138c5776a6]
aws_nat_gateway.nat_gateway_1: Refreshing state... [id=nat-882ea7d61deaa5a00]
aws_ecs_service.poc_assessment_service: Refreshing state... [id=arn:aws:ecs:us-east-1:000000000000:service/white-hart/Poc-Assessment]
aws_route_table.private_route_table_1: Refreshing state... [id=rtb-f22bad420545e1ef1]
aws_route_table.private_route_table_2: Refreshing state... [id=rtb-25def5a7585f05ea7]
aws_lb_listener.revamp_frontend_landing: Refreshing state... [id=arn:aws:elasticloadbalancing:us-east-1:000000000000:listener/app/poc-accessment-elb/1f907152908267c0/dabd0eb95b591523]
aws_route_table_association.private_subnet_1_association: Refreshing state... [id=rtbassoc-8f86ad5ce877bfec4]
aws_route_table_association.private_subnet_2_association: Refreshing state... [id=rtbassoc-39f58bd2e86c6a2b6]

Terraform used the selected providers to generate the following execution
plan. Resource actions are indicated with the following symbols:
  ~ update in-place
-/+ destroy and then create replacement

Terraform will perform the following actions:

  # aws_ecs_service.poc_assessment_service will be updated in-place
  ~ resource "aws_ecs_service" "poc_assessment_service" {
      + availability_zone_rebalancing      = "DISABLED"
        id                                 = "arn:aws:ecs:us-east-1:000000000000:service/white-hart/Poc-Assessment"
        name                               = "Poc-Assessment"
        tags                               = {}
      ~ task_definition                    = "arn:aws:ecs:us-east-1:000000000000:task-definition/poc-Assessment:1" -> (known after apply)
        # (14 unchanged attributes hidden)

        # (4 unchanged blocks hidden)
    }

  # aws_ecs_task_definition.poc_assessment must be replaced
-/+ resource "aws_ecs_task_definition" "poc_assessment" {
      ~ arn                      = "arn:aws:ecs:us-east-1:000000000000:task-definition/poc-Assessment:1" -> (known after apply)
      ~ arn_without_revision     = "arn:aws:ecs:us-east-1:000000000000:task-definition/poc-Assessment" -> (known after apply)
      ~ container_definitions    = jsonencode(
          ~ [
              ~ {
                  - environment      = []
                  - mountPoints      = []
                    name             = "hashicorp-http-echo-container"
                  ~ portMappings     = [
                      ~ {
                          - hostPort      = 23385
                            # (1 unchanged attribute hidden)
                        },
                    ]
                  - volumesFrom      = []
                    # (3 unchanged attributes hidden)
                },
            ] # forces replacement
        )
      ~ enable_fault_injection   = false -> (known after apply)
      ~ id                       = "poc-Assessment" -> (known after apply)
      ~ revision                 = 1 -> (known after apply)
      - tags                     = {} -> null
      ~ tags_all                 = {} -> (known after apply)
        # (11 unchanged attributes hidden)

        # (1 unchanged block hidden)
    }

  # aws_lb_listener.revamp_frontend_landing will be updated in-place
  ~ resource "aws_lb_listener" "revamp_frontend_landing" {
        id                                                                  = "arn:aws:elasticloadbalancing:us-east-1:000000000000:listener/app/poc-accessment-elb/1f907152908267c0/dabd0eb95b591523"
      ~ port                                                                = 4566 -> 80
        tags                                                                = {}
        # (16 unchanged attributes hidden)

        # (1 unchanged block hidden)
    }

Plan: 1 to add, 2 to change, 1 to destroy.
