{"format_version":"1.2","terraform_version":"1.13.5","variables":{"create_dedicated_bucket":{"value":true},"name":{"value":"mlflow"},"tags":{"value":{}}},"planned_values":{"outputs":{"artifact_bucket_arn":{"sensitive":false},"artifact_bucket_id":{"sensitive":false}},"root_module":{"resources":[{"address":"aws_s3_bucket.mlflow_artifact_store[0]","mode":"managed","type":"aws_s3_bucket","name":"mlflow_artifact_store","index":0,"provider_name":"registry.terraform.io/hashicorp/aws","schema_version":0,"values":{"bucket_prefix":"mlflow-","force_destroy":true,"region":"us-east-1","tags":{"Name":"mlflow-bucket"},"tags_all":{"Name":"mlflow-bucket"},"timeouts":null},"sensitive_values":{"cors_rule":[],"grant":[],"lifecycle_rule":[],"logging":[],"object_lock_configuration":[],"replication_configuration":[],"server_side_encryption_configuration":[],"tags":{},"tags_all":{},"versioning":[],"website":[]},"identity_schema_version":0,"identity":{"account_id":null,"bucket":null,"region":null}},{"address":"aws_s3_bucket_acl.bucket_acl[0]","mode":"managed","type":"aws_s3_bucket_acl","name":"bucket_acl","index":0,"provider_name":"registry.terraform.io/hashicorp/aws","schema_version":0,"values":{"acl":"private","expected_bucket_owner":null,"region":"us-east-1"},"sensitive_values":{"access_control_policy":[]},"identity_schema_version":0,"identity":{"account_id":null,"acl":null,"bucket":null,"expected_bucket_owner":null,"region":null}},{"address":"aws_s3_bucket_intelligent_tiering_configuration.bucket_lifecycle[0]","mode":"managed","type":"aws_s3_bucket_intelligent_tiering_configuration","name":"bucket_lifecycle","index":0,"provider_name":"registry.terraform.io/hashicorp/aws","schema_version":0,"values":{"filter":[],"name":"mlflow-bucket-lifecycle","region":"us-east-1","status":"Enabled","tiering":[{"access_tier":"ARCHIVE_ACCESS","days":90},{"access_tier":"DEEP_ARCHIVE_ACCESS","days":180}]},"sensitive_values":{"filter":[],"tiering":[{},{}]}},{"address":"aws_s3_bucket_server_side_encryption_configuration.bucket_encryption[0]","mode":"managed","type":"aws_s3_bucket_server_side_encryption_configuration","name":"bucket_encryption","index":0,"provider_name":"registry.terraform.io/hashicorp/aws","schema_version":0,"values":{"expected_bucket_owner":null,"region":"us-east-1","rule":[{"apply_server_side_encryption_by_default":[{"kms_master_key_id":"","sse_algorithm":"AES256"}],"blocked_encryption_types":[],"bucket_key_enabled":null}]},"sensitive_values":{"rule":[{"apply_server_side_encryption_by_default":[{}],"blocked_encryption_types":[]}]},"identity_schema_version":0,"identity":{"account_id":null,"bucket":null,"expected_bucket_owner":null,"region":null}},{"address":"aws_s3_bucket_versioning.versioning[0]","mode":"managed","type":"aws_s3_bucket_versioning","name":"versioning","index":0,"provider_name":"registry.terraform.io/hashicorp/aws","schema_version":0,"values":{"expected_bucket_owner":null,"mfa":null,"region":"us-east-1","versioning_configuration":[{"status":"Enabled"}]},"sensitive_values":{"versioning_configuration":[{}]},"identity_schema_version":0,"identity":{"account_id":null,"bucket":null,"expected_bucket_owner":null,"region":null}}]}},"resource_changes":[{"address":"aws_s3_bucket.mlflow_artifact_store[0]","mode":"managed","type":"aws_s3_bucket","name":"mlflow_artifact_store","index":0,"provider_name":"registry.terraform.io/hashicorp/aws","change":{"actions":["create"],"before":null,"after":{"bucket_prefix":"mlflow-","force_destroy":true,"region":"us-east-1","tags":{"Name":"mlflow-bucket"},"tags_all":{"Name":"mlflow-bucket"},"timeouts":null},"after_unknown":{"acceleration_status":true,"acl":true,"arn":true,"bucket":true,"bucket_domain_name":true,"bucket_region":true,"bucket_regional_domain_name":true,"cors_rule":true,"grant":true,"hosted_zone_id":true,"id":true,"lifecycle_rule":true,"logging":true,"object_lock_configuration":true,"object_lock_enabled":true,"policy":true,"replication_configuration":true,"request_payer":true,"server_side_encryption_configuration":true,"tags":{},"tags_all":{},"versioning":true,"website":true,"website_domain":true,"website_endpoint":true},"before_sensitive":false,"after_sensitive":{"cors_rule":[],"grant":[],"lifecycle_rule":[],"logging":[],"object_lock_configuration":[],"replication_configuration":[],"server_side_encryption_configuration":[],"tags":{},"tags_all":{},"versioning":[],"website":[]},"after_identity":{"account_id":null,"bucket":null,"region":null}}},{"address":"aws_s3_bucket_acl.bucket_acl[0]","mode":"managed","type":"aws_s3_bucket_acl","name":"bucket_acl","index":0,"provider_name":"registry.terraform.io/hashicorp/aws","change":{"actions":["create"],"before":null,"after":{"acl":"private","expected_bucket_owner":null,"region":"us-east-1"},"after_unknown":{"access_control_policy":true,"bucket":true,"id":true},"before_sensitive":false,"after_sensitive":{"access_control_policy":[]},"after_identity":{"account_id":null,"acl":null,"bucket":null,"expected_bucket_owner":null,"region":null}}},{"address":"aws_s3_bucket_intelligent_tiering_configuration.bucket_lifecycle[0]","mode":"managed","type":"aws_s3_bucket_intelligent_tiering_configuration","name":"bucket_lifecycle","index":0,"provider_name":"registry.terraform.io/hashicorp/aws","change":{"actions":["create"],"before":null,"after":{"filter":[],"name":"mlflow-bucket-lifecycle","region":"us-east-1","status":"Enabled","tiering":[{"access_tier":"ARCHIVE_ACCESS","days":90},{"access_tier":"DEEP_ARCHIVE_ACCESS","days":180}]},"after_unknown":{"bucket":true,"filter":[],"id":true,"tiering":[{},{}]},"before_sensitive":false,"after_sensitive":{"filter":[],"tiering":[{},{}]}}},{"address":"aws_s3_bucket_server_side_encryption_configuration.bucket_encryption[0]","mode":"managed","type":"aws_s3_bucket_server_side_encryption_configuration","name":"bucket_encryption","index":0,"provider_name":"registry.terraform.io/hashicorp/aws","change":{"actions":["create"],"before":null,"after":{"expected_bucket_owner":null,"region":"us-east-1","rule":[{"apply_server_side_encryption_by_default":[{"kms_master_key_id":"","sse_algorithm":"AES256"}],"blocked_encryption_types":[],"bucket_key_enabled":null}]},"after_unknown":{"bucket":true,"id":true,"rule":[{"apply_server_side_encryption_by_default":[{}],"blocked_encryption_types":[]}]},"before_sensitive":false,"after_sensitive":{"rule":[{"apply_server_side_encryption_by_default":[{}],"blocked_encryption_types":[]}]},"after_identity":{"account_id":null,"bucket":null,"expected_bucket_owner":null,"region":null}}},{"address":"aws_s3_bucket_versioning.versioning[0]","mode":"managed","type":"aws_s3_bucket_versioning","name":"versioning","index":0,"provider_name":"registry.terraform.io/hashicorp/aws","change":{"actions":["create"],"before":null,"after":{"expected_bucket_owner":null,"mfa":null,"region":"us-east-1","versioning_configuration":[{"status":"Enabled"}]},"after_unknown":{"bucket":true,"id":true,"versioning_configuration":[{"mfa_delete":true}]},"before_sensitive":false,"after_sensitive":{"versioning_configuration":[{}]},"after_identity":{"account_id":null,"bucket":null,"expected_bucket_owner":null,"region":null}}}],"output_changes":{"artifact_bucket_arn":{"actions":["create"],"before":null,"after":[null],"after_unknown":[true],"before_sensitive":false,"after_sensitive":false},"artifact_bucket_id":{"actions":["create"],"before":null,"after_unknown":true,"before_sensitive":false,"after_sensitive":false}},"configuration":{"provider_config":{"archive":{"name":"archive","full_name":"registry.terraform.io/hashicorp/archive","version_constraint":"\u003e= 2.0.0"},"aws":{"name":"aws","full_name":"registry.terraform.io/hashicorp/aws","version_constraint":"~\u003e 6.27.0","expressions":{"access_key":{"constant_value":"mock"},"endpoints":[{"apigateway":{"constant_value":"http://localhost:4566"},"apigatewayv2":{"constant_value":"http://localhost:4566"},"cloudwatch":{"constant_value":"http://localhost:4566"},"cloudwatchevents":{"constant_value":"http://localhost:4566"},"dynamodb":{"constant_value":"http://localhost:4566"},"ec2":{"constant_value":"http://localhost:4566"},"ecr":{"constant_value":"http://localhost:4566"},"ecrpublic":{"constant_value":"http://localhost:4566"},"ecs":{"constant_value":"http://localhost:4566"},"efs":{"constant_value":"http://localhost:4566"},"iam":{"constant_value":"http://localhost:4566"},"kinesis":{"constant_value":"http://localhost:4566"},"kms":{"constant_value":"http://localhost:4566"},"lambda":{"constant_value":"http://localhost:4566"},"logs":{"constant_value":"http://localhost:4566"},"route53":{"constant_value":"http://localhost:4566"},"s3":{"constant_value":"http://localhost:4566"},"s3control":{"constant_value":"http://localhost:4566"},"secretsmanager":{"constant_value":"http://localhost:4566"},"sns":{"constant_value":"http://localhost:4566"},"sqs":{"constant_value":"http://localhost:4566"},"ssm":{"constant_value":"http://localhost:4566"},"sts":{"constant_value":"http://localhost:4566"}}],"region":{"constant_value":"us-east-1"},"s3_use_path_style":{"constant_value":true},"secret_key":{"constant_value":"mock"},"skip_credentials_validation":{"constant_value":true},"skip_metadata_api_check":{"constant_value":true},"skip_region_validation":{"constant_value":true},"skip_requesting_account_id":{"constant_value":true}}}},"root_module":{"outputs":{"artifact_bucket_arn":{"expression":{"references":["aws_s3_bucket.mlflow_artifact_store"]}},"artifact_bucket_id":{"expression":{"references":["aws_s3_bucket.mlflow_artifact_store[0].id","aws_s3_bucket.mlflow_artifact_store[0]","aws_s3_bucket.mlflow_artifact_store"]}}},"resources":[{"address":"aws_s3_bucket.mlflow_artifact_store","mode":"managed","type":"aws_s3_bucket","name":"mlflow_artifact_store","provider_config_key":"aws","expressions":{"bucket_prefix":{"references":["var.name"]},"force_destroy":{"constant_value":true},"tags":{"references":["var.name","var.tags"]}},"schema_version":0,"count_expression":{"references":["var.create_dedicated_bucket"]}},{"address":"aws_s3_bucket_acl.bucket_acl","mode":"managed","type":"aws_s3_bucket_acl","name":"bucket_acl","provider_config_key":"aws","expressions":{"acl":{"constant_value":"private"},"bucket":{"references":["aws_s3_bucket.mlflow_artifact_store[0].id","aws_s3_bucket.mlflow_artifact_store[0]","aws_s3_bucket.mlflow_artifact_store"]}},"schema_version":0,"count_expression":{"references":["var.create_dedicated_bucket"]}},{"address":"aws_s3_bucket_intelligent_tiering_configuration.bucket_lifecycle","mode":"managed","type":"aws_s3_bucket_intelligent_tiering_configuration","name":"bucket_lifecycle","provider_config_key":"aws","expressions":{"bucket":{"references":["aws_s3_bucket.mlflow_artifact_store[0].bucket","aws_s3_bucket.mlflow_artifact_store[0]","aws_s3_bucket.mlflow_artifact_store"]},"name":{"references":["var.name"]},"tiering":[{"access_tier":{"constant_value":"DEEP_ARCHIVE_ACCESS"},"days":{"constant_value":180}},{"access_tier":{"constant_value":"ARCHIVE_ACCESS"},"days":{"constant_value":90}}]},"schema_version":0,"count_expression":{"references":["var.create_dedicated_bucket"]}},{"address":"aws_s3_bucket_server_side_encryption_configuration.bucket_encryption","mode":"managed","type":"aws_s3_bucket_server_side_encryption_configuration","name":"bucket_encryption","provider_config_key":"aws","expressions":{"bucket":{"references":["aws_s3_bucket.mlflow_artifact_store[0].bucket","aws_s3_bucket.mlflow_artifact_store[0]","aws_s3_bucket.mlflow_artifact_store"]},"rule":[{"apply_server_side_encryption_by_default":[{"sse_algorithm":{"constant_value":"AES256"}}]}]},"schema_version":0,"count_expression":{"references":["var.create_dedicated_bucket"]}},{"address":"aws_s3_bucket_versioning.versioning","mode":"managed","type":"aws_s3_bucket_versioning","name":"versioning","provider_config_key":"aws","expressions":{"bucket":{"references":["aws_s3_bucket.mlflow_artifact_store[0].id","aws_s3_bucket.mlflow_artifact_store[0]","aws_s3_bucket.mlflow_artifact_store"]},"versioning_configuration":[{"status":{"constant_value":"Enabled"}}]},"schema_version":0,"count_expression":{"references":["var.create_dedicated_bucket"]}}],"variables":{"create_dedicated_bucket":{"default":true,"description":"(Optional) Whether to create a dedicated S3 bucket for the application."},"name":{"default":"mlflow","description":"(Optional) A name for the application (e.g. mlflow)."},"tags":{"default":{},"description":"(Optional) AWS Tags common to all the resources created."}}}},"relevant_attributes":[{"resource":"aws_s3_bucket.mlflow_artifact_store[0]","attribute":["bucket"]},{"resource":"aws_s3_bucket.mlflow_artifact_store[0]","attribute":["id"]},{"resource":"aws_s3_bucket.mlflow_artifact_store","attribute":[]}],"timestamp":"2026-01-25T15:58:34Z","applyable":true,"complete":true,"errored":false}
