{"format_version":"1.2","terraform_version":"1.13.5","planned_values":{"root_module":{"resources":[{"address":"aws_eks_cluster.example","mode":"managed","type":"aws_eks_cluster","name":"example","provider_name":"registry.terraform.io/hashicorp/aws","schema_version":1,"values":{"bootstrap_self_managed_addons":true,"compute_config":[],"enabled_cluster_log_types":null,"encryption_config":[],"force_update_version":null,"name":"EKS_cluster_codewithmuh","outpost_config":[],"remote_network_config":[],"storage_config":[],"tags":null,"timeouts":null,"vpc_config":[{"endpoint_private_access":false,"endpoint_public_access":true,"security_group_ids":null,"subnet_ids":["subnet-3d934471f4a8396f5","subnet-882280a1201c2d218"]}],"zonal_shift_config":[]},"sensitive_values":{"access_config":[],"certificate_authority":[],"compute_config":[],"encryption_config":[],"identity":[],"kubernetes_network_config":[],"outpost_config":[],"remote_network_config":[],"storage_config":[],"tags_all":{},"upgrade_policy":[],"vpc_config":[{"public_access_cidrs":[],"subnet_ids":[false,false]}],"zonal_shift_config":[]}},{"address":"aws_eks_node_group.example","mode":"managed","type":"aws_eks_node_group","name":"example","provider_name":"registry.terraform.io/hashicorp/aws","schema_version":0,"values":{"cluster_name":"EKS_cluster_codewithmuh","force_update_version":null,"instance_types":["t2.medium"],"labels":null,"launch_template":[],"node_group_name":"Node-cloud","remote_access":[],"scaling_config":[{"desired_size":1,"max_size":2,"min_size":1}],"subnet_ids":["subnet-3d934471f4a8396f5","subnet-882280a1201c2d218"],"tags":null,"taint":[],"timeouts":null},"sensitive_values":{"instance_types":[false],"launch_template":[],"node_repair_config":[],"remote_access":[],"resources":[],"scaling_config":[{}],"subnet_ids":[false,false],"tags_all":{},"taint":[],"update_config":[]}},{"address":"aws_iam_role.example","mode":"managed","type":"aws_iam_role","name":"example","provider_name":"registry.terraform.io/hashicorp/aws","schema_version":0,"values":{"assume_role_policy":"{\"Statement\":[{\"Action\":\"sts:AssumeRole\",\"Effect\":\"Allow\",\"Principal\":{\"Service\":\"eks.amazonaws.com\"}}],\"Version\":\"2012-10-17\"}","description":null,"force_detach_policies":false,"max_session_duration":3600,"name":"eks-cluster","path":"/","permissions_boundary":null,"tags":null},"sensitive_values":{"inline_policy":[],"managed_policy_arns":[],"tags_all":{}}},{"address":"aws_iam_role.example1","mode":"managed","type":"aws_iam_role","name":"example1","provider_name":"registry.terraform.io/hashicorp/aws","schema_version":0,"values":{"assume_role_policy":"{\"Statement\":[{\"Action\":\"sts:AssumeRole\",\"Effect\":\"Allow\",\"Principal\":{\"Service\":\"ec2.amazonaws.com\"}}],\"Version\":\"2012-10-17\"}","description":null,"force_detach_policies":false,"max_session_duration":3600,"name":"eks-node-group","path":"/","permissions_boundary":null,"tags":null},"sensitive_values":{"inline_policy":[],"managed_policy_arns":[],"tags_all":{}}},{"address":"aws_iam_role_policy_attachment.example-AmazonEC2ContainerRegistryReadOnly","mode":"managed","type":"aws_iam_role_policy_attachment","name":"example-AmazonEC2ContainerRegistryReadOnly","provider_name":"registry.terraform.io/hashicorp/aws","schema_version":0,"values":{"policy_arn":"arn:aws:iam::aws:policy/AmazonEC2ContainerRegistryReadOnly","role":"eks-node-group"},"sensitive_values":{}},{"address":"aws_iam_role_policy_attachment.example-AmazonEKSClusterPolicy","mode":"managed","type":"aws_iam_role_policy_attachment","name":"example-AmazonEKSClusterPolicy","provider_name":"registry.terraform.io/hashicorp/aws","schema_version":0,"values":{"policy_arn":"arn:aws:iam::aws:policy/AmazonEKSClusterPolicy","role":"eks-cluster"},"sensitive_values":{}},{"address":"aws_iam_role_policy_attachment.example-AmazonEKSWorkerNodePolicy","mode":"managed","type":"aws_iam_role_policy_attachment","name":"example-AmazonEKSWorkerNodePolicy","provider_name":"registry.terraform.io/hashicorp/aws","schema_version":0,"values":{"policy_arn":"arn:aws:iam::aws:policy/AmazonEKSWorkerNodePolicy","role":"eks-node-group"},"sensitive_values":{}},{"address":"aws_iam_role_policy_attachment.example-AmazonEKS_CNI_Policy","mode":"managed","type":"aws_iam_role_policy_attachment","name":"example-AmazonEKS_CNI_Policy","provider_name":"registry.terraform.io/hashicorp/aws","schema_version":0,"values":{"policy_arn":"arn:aws:iam::aws:policy/AmazonEKS_CNI_Policy","role":"eks-node-group"},"sensitive_values":{}}]}},"resource_changes":[{"address":"aws_eks_cluster.example","mode":"managed","type":"aws_eks_cluster","name":"example","provider_name":"registry.terraform.io/hashicorp/aws","change":{"actions":["create"],"before":null,"after":{"bootstrap_self_managed_addons":true,"compute_config":[],"enabled_cluster_log_types":null,"encryption_config":[],"force_update_version":null,"name":"EKS_cluster_codewithmuh","outpost_config":[],"remote_network_config":[],"storage_config":[],"tags":null,"timeouts":null,"vpc_config":[{"endpoint_private_access":false,"endpoint_public_access":true,"security_group_ids":null,"subnet_ids":["subnet-3d934471f4a8396f5","subnet-882280a1201c2d218"]}],"zonal_shift_config":[]},"after_unknown":{"access_config":true,"arn":true,"certificate_authority":true,"cluster_id":true,"compute_config":[],"created_at":true,"encryption_config":[],"endpoint":true,"id":true,"identity":true,"kubernetes_network_config":true,"outpost_config":[],"platform_version":true,"remote_network_config":[],"role_arn":true,"status":true,"storage_config":[],"tags_all":true,"upgrade_policy":true,"version":true,"vpc_config":[{"cluster_security_group_id":true,"public_access_cidrs":true,"subnet_ids":[false,false],"vpc_id":true}],"zonal_shift_config":[]},"before_sensitive":false,"after_sensitive":{"access_config":[],"certificate_authority":[],"compute_config":[],"encryption_config":[],"identity":[],"kubernetes_network_config":[],"outpost_config":[],"remote_network_config":[],"storage_config":[],"tags_all":{},"upgrade_policy":[],"vpc_config":[{"public_access_cidrs":[],"subnet_ids":[false,false]}],"zonal_shift_config":[]}}},{"address":"aws_eks_node_group.example","mode":"managed","type":"aws_eks_node_group","name":"example","provider_name":"registry.terraform.io/hashicorp/aws","change":{"actions":["create"],"before":null,"after":{"cluster_name":"EKS_cluster_codewithmuh","force_update_version":null,"instance_types":["t2.medium"],"labels":null,"launch_template":[],"node_group_name":"Node-cloud","remote_access":[],"scaling_config":[{"desired_size":1,"max_size":2,"min_size":1}],"subnet_ids":["subnet-3d934471f4a8396f5","subnet-882280a1201c2d218"],"tags":null,"taint":[],"timeouts":null},"after_unknown":{"ami_type":true,"arn":true,"capacity_type":true,"disk_size":true,"id":true,"instance_types":[false],"launch_template":[],"node_group_name_prefix":true,"node_repair_config":true,"node_role_arn":true,"release_version":true,"remote_access":[],"resources":true,"scaling_config":[{}],"status":true,"subnet_ids":[false,false],"tags_all":true,"taint":[],"update_config":true,"version":true},"before_sensitive":false,"after_sensitive":{"instance_types":[false],"launch_template":[],"node_repair_config":[],"remote_access":[],"resources":[],"scaling_config":[{}],"subnet_ids":[false,false],"tags_all":{},"taint":[],"update_config":[]}}},{"address":"aws_iam_role.example","mode":"managed","type":"aws_iam_role","name":"example","provider_name":"registry.terraform.io/hashicorp/aws","change":{"actions":["create"],"before":null,"after":{"assume_role_policy":"{\"Statement\":[{\"Action\":\"sts:AssumeRole\",\"Effect\":\"Allow\",\"Principal\":{\"Service\":\"eks.amazonaws.com\"}}],\"Version\":\"2012-10-17\"}","description":null,"force_detach_policies":false,"max_session_duration":3600,"name":"eks-cluster","path":"/","permissions_boundary":null,"tags":null},"after_unknown":{"arn":true,"create_date":true,"id":true,"inline_policy":true,"managed_policy_arns":true,"name_prefix":true,"tags_all":true,"unique_id":true},"before_sensitive":false,"after_sensitive":{"inline_policy":[],"managed_policy_arns":[],"tags_all":{}}}},{"address":"aws_iam_role.example1","mode":"managed","type":"aws_iam_role","name":"example1","provider_name":"registry.terraform.io/hashicorp/aws","change":{"actions":["create"],"before":null,"after":{"assume_role_policy":"{\"Statement\":[{\"Action\":\"sts:AssumeRole\",\"Effect\":\"Allow\",\"Principal\":{\"Service\":\"ec2.amazonaws.com\"}}],\"Version\":\"2012-10-17\"}","description":null,"force_detach_policies":false,"max_session_duration":3600,"name":"eks-node-group","path":"/","permissions_boundary":null,"tags":null},"after_unknown":{"arn":true,"create_date":true,"id":true,"inline_policy":true,"managed_policy_arns":true,"name_prefix":true,"tags_all":true,"unique_id":true},"before_sensitive":false,"after_sensitive":{"inline_policy":[],"managed_policy_arns":[],"tags_all":{}}}},{"address":"aws_iam_role_policy_attachment.example-AmazonEC2ContainerRegistryReadOnly","mode":"managed","type":"aws_iam_role_policy_attachment","name":"example-AmazonEC2ContainerRegistryReadOnly","provider_name":"registry.terraform.io/hashicorp/aws","change":{"actions":["create"],"before":null,"after":{"policy_arn":"arn:aws:iam::aws:policy/AmazonEC2ContainerRegistryReadOnly","role":"eks-node-group"},"after_unknown":{"id":true},"before_sensitive":false,"after_sensitive":{}}},{"address":"aws_iam_role_policy_attachment.example-AmazonEKSClusterPolicy","mode":"managed","type":"aws_iam_role_policy_attachment","name":"example-AmazonEKSClusterPolicy","provider_name":"registry.terraform.io/hashicorp/aws","change":{"actions":["create"],"before":null,"after":{"policy_arn":"arn:aws:iam::aws:policy/AmazonEKSClusterPolicy","role":"eks-cluster"},"after_unknown":{"id":true},"before_sensitive":false,"after_sensitive":{}}},{"address":"aws_iam_role_policy_attachment.example-AmazonEKSWorkerNodePolicy","mode":"managed","type":"aws_iam_role_policy_attachment","name":"example-AmazonEKSWorkerNodePolicy","provider_name":"registry.terraform.io/hashicorp/aws","change":{"actions":["create"],"before":null,"after":{"policy_arn":"arn:aws:iam::aws:policy/AmazonEKSWorkerNodePolicy","role":"eks-node-group"},"after_unknown":{"id":true},"before_sensitive":false,"after_sensitive":{}}},{"address":"aws_iam_role_policy_attachment.example-AmazonEKS_CNI_Policy","mode":"managed","type":"aws_iam_role_policy_attachment","name":"example-AmazonEKS_CNI_Policy","provider_name":"registry.terraform.io/hashicorp/aws","change":{"actions":["create"],"before":null,"after":{"policy_arn":"arn:aws:iam::aws:policy/AmazonEKS_CNI_Policy","role":"eks-node-group"},"after_unknown":{"id":true},"before_sensitive":false,"after_sensitive":{}}}],"prior_state":{"format_version":"1.0","terraform_version":"1.13.5","values":{"root_module":{"resources":[{"address":"data.aws_iam_policy_document.assume_role","mode":"data","type":"aws_iam_policy_document","name":"assume_role","provider_name":"registry.terraform.io/hashicorp/aws","schema_version":0,"values":{"id":"3552664922","json":"{\n  \"Version\": \"2012-10-17\",\n  \"Statement\": [\n    {\n      \"Effect\": \"Allow\",\n      \"Action\": \"sts:AssumeRole\",\n      \"Principal\": {\n        \"Service\": \"eks.amazonaws.com\"\n      }\n    }\n  ]\n}","minified_json":"{\"Version\":\"2012-10-17\",\"Statement\":[{\"Effect\":\"Allow\",\"Action\":\"sts:AssumeRole\",\"Principal\":{\"Service\":\"eks.amazonaws.com\"}}]}","override_json":null,"override_policy_documents":null,"policy_id":null,"source_json":null,"source_policy_documents":null,"statement":[{"actions":["sts:AssumeRole"],"condition":[],"effect":"Allow","not_actions":[],"not_principals":[],"not_resources":[],"principals":[{"identifiers":["eks.amazonaws.com"],"type":"Service"}],"resources":[],"sid":""}],"version":"2012-10-17"},"sensitive_values":{"statement":[{"actions":[false],"condition":[],"not_actions":[],"not_principals":[],"not_resources":[],"principals":[{"identifiers":[false]}],"resources":[]}]}},{"address":"data.aws_subnet.supported[\"subnet-3d934471f4a8396f5\"]","mode":"data","type":"aws_subnet","name":"supported","index":"subnet-3d934471f4a8396f5","provider_name":"registry.terraform.io/hashicorp/aws","schema_version":0,"values":{"arn":"arn:aws:ec2:us-west-1:000000000000:subnet/subnet-3d934471f4a8396f5","assign_ipv6_address_on_creation":false,"availability_zone":"us-west-1a","availability_zone_id":"usw1-az3","available_ip_address_count":4091,"cidr_block":"172.31.0.0/20","customer_owned_ipv4_pool":"","default_for_az":true,"enable_dns64":false,"enable_lni_at_device_index":0,"enable_resource_name_dns_a_record_on_launch":false,"enable_resource_name_dns_aaaa_record_on_launch":false,"filter":[{"name":"availability-zone","values":["us-west-1a","us-west-1b","us-west-1c"]}],"id":"subnet-3d934471f4a8396f5","ipv6_cidr_block":"","ipv6_cidr_block_association_id":"","ipv6_native":false,"map_customer_owned_ip_on_launch":false,"map_public_ip_on_launch":true,"outpost_arn":"","owner_id":"000000000000","private_dns_hostname_type_on_launch":"","state":"available","tags":{},"timeouts":null,"vpc_id":"vpc-cb85222a81ba4812f"},"sensitive_values":{"filter":[{"values":[false,false,false]}],"tags":{}}},{"address":"data.aws_subnet.supported[\"subnet-882280a1201c2d218\"]","mode":"data","type":"aws_subnet","name":"supported","index":"subnet-882280a1201c2d218","provider_name":"registry.terraform.io/hashicorp/aws","schema_version":0,"values":{"arn":"arn:aws:ec2:us-west-1:000000000000:subnet/subnet-882280a1201c2d218","assign_ipv6_address_on_creation":false,"availability_zone":"us-west-1b","availability_zone_id":"usw1-az1","available_ip_address_count":4091,"cidr_block":"172.31.16.0/20","customer_owned_ipv4_pool":"","default_for_az":true,"enable_dns64":false,"enable_lni_at_device_index":0,"enable_resource_name_dns_a_record_on_launch":false,"enable_resource_name_dns_aaaa_record_on_launch":false,"filter":[{"name":"availability-zone","values":["us-west-1a","us-west-1b","us-west-1c"]}],"id":"subnet-882280a1201c2d218","ipv6_cidr_block":"","ipv6_cidr_block_association_id":"","ipv6_native":false,"map_customer_owned_ip_on_launch":false,"map_public_ip_on_launch":true,"outpost_arn":"","owner_id":"000000000000","private_dns_hostname_type_on_launch":"","state":"available","tags":{},"timeouts":null,"vpc_id":"vpc-cb85222a81ba4812f"},"sensitive_values":{"filter":[{"values":[false,false,false]}],"tags":{}}},{"address":"data.aws_subnets.public","mode":"data","type":"aws_subnets","name":"public","provider_name":"registry.terraform.io/hashicorp/aws","schema_version":0,"values":{"filter":[{"name":"vpc-id","values":["vpc-cb85222a81ba4812f"]}],"id":"us-west-1","ids":["subnet-3d934471f4a8396f5","subnet-882280a1201c2d218"],"tags":null,"timeouts":null},"sensitive_values":{"filter":[{"values":[false]}],"ids":[false,false]}},{"address":"data.aws_vpc.default","mode":"data","type":"aws_vpc","name":"default","provider_name":"registry.terraform.io/hashicorp/aws","schema_version":0,"values":{"arn":"arn:aws:ec2:us-west-1:000000000000:vpc/vpc-cb85222a81ba4812f","cidr_block":"172.31.0.0/16","cidr_block_associations":[{"association_id":"vpc-cidr-assoc-74e9f34cdf9cbad76","cidr_block":"172.31.0.0/16","state":"associated"}],"default":true,"dhcp_options_id":"default","enable_dns_hostnames":true,"enable_dns_support":true,"enable_network_address_usage_metrics":false,"filter":null,"id":"vpc-cb85222a81ba4812f","instance_tenancy":"default","ipv6_association_id":"","ipv6_cidr_block":"","main_route_table_id":"rtb-836863d6afd59df84","owner_id":"000000000000","state":null,"tags":{},"timeouts":null},"sensitive_values":{"cidr_block_associations":[{}],"tags":{}}}]}}},"configuration":{"provider_config":{"aws":{"name":"aws","full_name":"registry.terraform.io/hashicorp/aws","version_constraint":"~\u003e 5.0","expressions":{"region":{"constant_value":"us-west-1"}}}},"root_module":{"resources":[{"address":"aws_eks_cluster.example","mode":"managed","type":"aws_eks_cluster","name":"example","provider_config_key":"aws","expressions":{"name":{"constant_value":"EKS_cluster_codewithmuh"},"role_arn":{"references":["aws_iam_role.example.arn","aws_iam_role.example"]},"vpc_config":[{"subnet_ids":{"references":["data.aws_subnet.supported"]}}]},"schema_version":1,"depends_on":["aws_iam_role_policy_attachment.example-AmazonEKSClusterPolicy"]},{"address":"aws_eks_node_group.example","mode":"managed","type":"aws_eks_node_group","name":"example","provider_config_key":"aws","expressions":{"cluster_name":{"references":["aws_eks_cluster.example.name","aws_eks_cluster.example"]},"instance_types":{"constant_value":["t2.medium"]},"node_group_name":{"constant_value":"Node-cloud"},"node_role_arn":{"references":["aws_iam_role.example1.arn","aws_iam_role.example1"]},"scaling_config":[{"desired_size":{"constant_value":1},"max_size":{"constant_value":2},"min_size":{"constant_value":1}}],"subnet_ids":{"references":["data.aws_subnet.supported"]}},"schema_version":0,"depends_on":["aws_iam_role_policy_attachment.example-AmazonEKSWorkerNodePolicy","aws_iam_role_policy_attachment.example-AmazonEKS_CNI_Policy","aws_iam_role_policy_attachment.example-AmazonEC2ContainerRegistryReadOnly"]},{"address":"aws_iam_role.example","mode":"managed","type":"aws_iam_role","name":"example","provider_config_key":"aws","expressions":{"assume_role_policy":{"references":["data.aws_iam_policy_document.assume_role.json","data.aws_iam_policy_document.assume_role"]},"name":{"constant_value":"eks-cluster"}},"schema_version":0},{"address":"aws_iam_role.example1","mode":"managed","type":"aws_iam_role","name":"example1","provider_config_key":"aws","expressions":{"assume_role_policy":{},"name":{"constant_value":"eks-node-group"}},"schema_version":0},{"address":"aws_iam_role_policy_attachment.example-AmazonEC2ContainerRegistryReadOnly","mode":"managed","type":"aws_iam_role_policy_attachment","name":"example-AmazonEC2ContainerRegistryReadOnly","provider_config_key":"aws","expressions":{"policy_arn":{"constant_value":"arn:aws:iam::aws:policy/AmazonEC2ContainerRegistryReadOnly"},"role":{"references":["aws_iam_role.example1.name","aws_iam_role.example1"]}},"schema_version":0},{"address":"aws_iam_role_policy_attachment.example-AmazonEKSClusterPolicy","mode":"managed","type":"aws_iam_role_policy_attachment","name":"example-AmazonEKSClusterPolicy","provider_config_key":"aws","expressions":{"policy_arn":{"constant_value":"arn:aws:iam::aws:policy/AmazonEKSClusterPolicy"},"role":{"references":["aws_iam_role.example.name","aws_iam_role.example"]}},"schema_version":0},{"address":"aws_iam_role_policy_attachment.example-AmazonEKSWorkerNodePolicy","mode":"managed","type":"aws_iam_role_policy_attachment","name":"example-AmazonEKSWorkerNodePolicy","provider_config_key":"aws","expressions":{"policy_arn":{"constant_value":"arn:aws:iam::aws:policy/AmazonEKSWorkerNodePolicy"},"role":{"references":["aws_iam_role.example1.name","aws_iam_role.example1"]}},"schema_version":0},{"address":"aws_iam_role_policy_attachment.example-AmazonEKS_CNI_Policy","mode":"managed","type":"aws_iam_role_policy_attachment","name":"example-AmazonEKS_CNI_Policy","provider_config_key":"aws","expressions":{"policy_arn":{"constant_value":"arn:aws:iam::aws:policy/AmazonEKS_CNI_Policy"},"role":{"references":["aws_iam_role.example1.name","aws_iam_role.example1"]}},"schema_version":0},{"address":"data.aws_iam_policy_document.assume_role","mode":"data","type":"aws_iam_policy_document","name":"assume_role","provider_config_key":"aws","expressions":{"statement":[{"actions":{"constant_value":["sts:AssumeRole"]},"effect":{"constant_value":"Allow"},"principals":[{"identifiers":{"constant_value":["eks.amazonaws.com"]},"type":{"constant_value":"Service"}}]}]},"schema_version":0},{"address":"data.aws_subnet.supported","mode":"data","type":"aws_subnet","name":"supported","provider_config_key":"aws","expressions":{"filter":[{"name":{"constant_value":"availability-zone"},"values":{"constant_value":["us-west-1a","us-west-1b","us-west-1c"]}}],"id":{"references":["each.value"]}},"schema_version":0,"for_each_expression":{"references":["data.aws_subnets.public.ids","data.aws_subnets.public"]}},{"address":"data.aws_subnets.public","mode":"data","type":"aws_subnets","name":"public","provider_config_key":"aws","expressions":{"filter":[{"name":{"constant_value":"vpc-id"},"values":{"references":["data.aws_vpc.default.id","data.aws_vpc.default"]}}]},"schema_version":0},{"address":"data.aws_vpc.default","mode":"data","type":"aws_vpc","name":"default","provider_config_key":"aws","expressions":{"default":{"constant_value":true}},"schema_version":0}]}},"relevant_attributes":[{"resource":"data.aws_subnet.supported","attribute":[]},{"resource":"data.aws_iam_policy_document.assume_role","attribute":["json"]},{"resource":"data.aws_subnets.public","attribute":["ids"]},{"resource":"aws_eks_cluster.example","attribute":["name"]},{"resource":"aws_iam_role.example1","attribute":["arn"]},{"resource":"aws_iam_role.example","attribute":["arn"]},{"resource":"aws_iam_role.example","attribute":["name"]},{"resource":"aws_iam_role.example1","attribute":["name"]}],"timestamp":"2026-01-19T15:09:21Z","applyable":true,"complete":true,"errored":false}
