{"format_version":"1.2","terraform_version":"1.13.5","planned_values":{"root_module":{"resources":[{"address":"kubernetes_deployment.app_deployment","mode":"managed","type":"kubernetes_deployment","name":"app_deployment","provider_name":"registry.terraform.io/hashicorp/kubernetes","schema_version":1,"values":{"metadata":[{"annotations":null,"generate_name":null,"labels":null,"name":"helloworld-deployment","namespace":"helloworld"}],"spec":[{"min_ready_seconds":0,"paused":false,"progress_deadline_seconds":600,"replicas":"2","revision_history_limit":10,"selector":[{"match_expressions":[],"match_labels":{"app":"hello_world_app"}}],"template":[{"metadata":[{"annotations":null,"generate_name":null,"labels":{"app":"hello_world_app"},"namespace":null}],"spec":[{"active_deadline_seconds":null,"affinity":[],"automount_service_account_token":true,"container":[{"args":null,"command":null,"env":[],"env_from":[],"image":"talaharon23/helloworld-app:1.1","lifecycle":[],"liveness_probe":[],"name":"helloworld-app","port":[{"container_port":8080,"host_ip":null,"host_port":null,"name":null,"protocol":"TCP"}],"readiness_probe":[],"security_context":[],"startup_probe":[],"stdin":false,"stdin_once":false,"termination_message_path":"/dev/termination-log","tty":false,"volume_device":[],"volume_mount":[],"working_dir":null}],"dns_config":[],"dns_policy":"ClusterFirst","enable_service_links":true,"host_aliases":[],"host_ipc":false,"host_network":false,"host_pid":false,"init_container":[],"node_selector":null,"os":[],"priority_class_name":null,"restart_policy":"Always","runtime_class_name":null,"security_context":[],"share_process_namespace":false,"subdomain":null,"termination_grace_period_seconds":30,"toleration":[],"topology_spread_constraint":[],"volume":[]}]}]}],"timeouts":null,"wait_for_rollout":true},"sensitive_values":{"metadata":[{}],"spec":[{"selector":[{"match_expressions":[],"match_labels":{}}],"strategy":[],"template":[{"metadata":[{"labels":{}}],"spec":[{"affinity":[],"container":[{"env":[],"env_from":[],"lifecycle":[],"liveness_probe":[],"port":[{}],"readiness_probe":[],"resources":[],"security_context":[],"startup_probe":[],"volume_device":[],"volume_mount":[]}],"dns_config":[],"host_aliases":[],"image_pull_secrets":[],"init_container":[],"os":[],"readiness_gate":[],"security_context":[],"toleration":[],"topology_spread_constraint":[],"volume":[]}]}]}]}},{"address":"kubernetes_ingress_v1.app_ingress","mode":"managed","type":"kubernetes_ingress_v1","name":"app_ingress","provider_name":"registry.terraform.io/hashicorp/kubernetes","schema_version":0,"values":{"metadata":[{"annotations":null,"generate_name":null,"labels":null,"name":"helloworld-ingress","namespace":"default"}],"spec":[{"default_backend":[],"ingress_class_name":"nginx","rule":[{"host":null,"http":[{"path":[{"backend":[{"resource":[],"service":[{"name":"helloworld-service","port":[{"name":null,"number":80}]}]}],"path":"/*","path_type":"ImplementationSpecific"}]}]}],"tls":[]}],"timeouts":null,"wait_for_load_balancer":null},"sensitive_values":{"metadata":[{}],"spec":[{"default_backend":[],"rule":[{"http":[{"path":[{"backend":[{"resource":[],"service":[{"port":[{}]}]}]}]}]}],"tls":[]}],"status":[]}},{"address":"kubernetes_namespace.app_namespace","mode":"managed","type":"kubernetes_namespace","name":"app_namespace","provider_name":"registry.terraform.io/hashicorp/kubernetes","schema_version":0,"values":{"metadata":[{"annotations":null,"generate_name":null,"labels":null,"name":"helloworld"}],"timeouts":null,"wait_for_default_service_account":false},"sensitive_values":{"metadata":[{}]}},{"address":"kubernetes_service.app_service","mode":"managed","type":"kubernetes_service","name":"app_service","provider_name":"registry.terraform.io/hashicorp/kubernetes","schema_version":1,"values":{"metadata":[{"annotations":null,"generate_name":null,"labels":null,"name":"helloworld-service","namespace":"helloworld"}],"spec":[{"allocate_load_balancer_node_ports":true,"external_ips":null,"external_name":null,"load_balancer_class":null,"load_balancer_ip":null,"load_balancer_source_ranges":null,"port":[{"app_protocol":null,"name":null,"port":8080,"protocol":"TCP","target_port":"80"}],"publish_not_ready_addresses":false,"selector":{"app":"hello_world_app"},"session_affinity":"None","type":"ClusterIP"}],"timeouts":null,"wait_for_load_balancer":true},"sensitive_values":{"metadata":[{}],"spec":[{"cluster_ips":[],"ip_families":[],"port":[{}],"selector":{},"session_affinity_config":[]}],"status":[]}}]}},"resource_changes":[{"address":"kubernetes_deployment.app_deployment","mode":"managed","type":"kubernetes_deployment","name":"app_deployment","provider_name":"registry.terraform.io/hashicorp/kubernetes","change":{"actions":["create"],"before":null,"after":{"metadata":[{"annotations":null,"generate_name":null,"labels":null,"name":"helloworld-deployment","namespace":"helloworld"}],"spec":[{"min_ready_seconds":0,"paused":false,"progress_deadline_seconds":600,"replicas":"2","revision_history_limit":10,"selector":[{"match_expressions":[],"match_labels":{"app":"hello_world_app"}}],"template":[{"metadata":[{"annotations":null,"generate_name":null,"labels":{"app":"hello_world_app"},"namespace":null}],"spec":[{"active_deadline_seconds":null,"affinity":[],"automount_service_account_token":true,"container":[{"args":null,"command":null,"env":[],"env_from":[],"image":"talaharon23/helloworld-app:1.1","lifecycle":[],"liveness_probe":[],"name":"helloworld-app","port":[{"container_port":8080,"host_ip":null,"host_port":null,"name":null,"protocol":"TCP"}],"readiness_probe":[],"security_context":[],"startup_probe":[],"stdin":false,"stdin_once":false,"termination_message_path":"/dev/termination-log","tty":false,"volume_device":[],"volume_mount":[],"working_dir":null}],"dns_config":[],"dns_policy":"ClusterFirst","enable_service_links":true,"host_aliases":[],"host_ipc":false,"host_network":false,"host_pid":false,"init_container":[],"node_selector":null,"os":[],"priority_class_name":null,"restart_policy":"Always","runtime_class_name":null,"security_context":[],"share_process_namespace":false,"subdomain":null,"termination_grace_period_seconds":30,"toleration":[],"topology_spread_constraint":[],"volume":[]}]}]}],"timeouts":null,"wait_for_rollout":true},"after_unknown":{"id":true,"metadata":[{"generation":true,"resource_version":true,"uid":true}],"spec":[{"selector":[{"match_expressions":[],"match_labels":{}}],"strategy":true,"template":[{"metadata":[{"generation":true,"labels":{},"name":true,"resource_version":true,"uid":true}],"spec":[{"affinity":[],"container":[{"env":[],"env_from":[],"image_pull_policy":true,"lifecycle":[],"liveness_probe":[],"port":[{}],"readiness_probe":[],"resources":true,"restart_policy":true,"security_context":[],"startup_probe":[],"termination_message_policy":true,"volume_device":[],"volume_mount":[]}],"dns_config":[],"host_aliases":[],"hostname":true,"image_pull_secrets":true,"init_container":[],"node_name":true,"os":[],"readiness_gate":true,"scheduler_name":true,"security_context":[],"service_account_name":true,"toleration":[],"topology_spread_constraint":[],"volume":[]}]}]}]},"before_sensitive":false,"after_sensitive":{"metadata":[{}],"spec":[{"selector":[{"match_expressions":[],"match_labels":{}}],"strategy":[],"template":[{"metadata":[{"labels":{}}],"spec":[{"affinity":[],"container":[{"env":[],"env_from":[],"lifecycle":[],"liveness_probe":[],"port":[{}],"readiness_probe":[],"resources":[],"security_context":[],"startup_probe":[],"volume_device":[],"volume_mount":[]}],"dns_config":[],"host_aliases":[],"image_pull_secrets":[],"init_container":[],"os":[],"readiness_gate":[],"security_context":[],"toleration":[],"topology_spread_constraint":[],"volume":[]}]}]}]}}},{"address":"kubernetes_ingress_v1.app_ingress","mode":"managed","type":"kubernetes_ingress_v1","name":"app_ingress","provider_name":"registry.terraform.io/hashicorp/kubernetes","change":{"actions":["create"],"before":null,"after":{"metadata":[{"annotations":null,"generate_name":null,"labels":null,"name":"helloworld-ingress","namespace":"default"}],"spec":[{"default_backend":[],"ingress_class_name":"nginx","rule":[{"host":null,"http":[{"path":[{"backend":[{"resource":[],"service":[{"name":"helloworld-service","port":[{"name":null,"number":80}]}]}],"path":"/*","path_type":"ImplementationSpecific"}]}]}],"tls":[]}],"timeouts":null,"wait_for_load_balancer":null},"after_unknown":{"id":true,"metadata":[{"generation":true,"resource_version":true,"uid":true}],"spec":[{"default_backend":[],"rule":[{"http":[{"path":[{"backend":[{"resource":[],"service":[{"port":[{}]}]}]}]}]}],"tls":[]}],"status":true},"before_sensitive":false,"after_sensitive":{"metadata":[{}],"spec":[{"default_backend":[],"rule":[{"http":[{"path":[{"backend":[{"resource":[],"service":[{"port":[{}]}]}]}]}]}],"tls":[]}],"status":[]}}},{"address":"kubernetes_namespace.app_namespace","mode":"managed","type":"kubernetes_namespace","name":"app_namespace","provider_name":"registry.terraform.io/hashicorp/kubernetes","change":{"actions":["create"],"before":null,"after":{"metadata":[{"annotations":null,"generate_name":null,"labels":null,"name":"helloworld"}],"timeouts":null,"wait_for_default_service_account":false},"after_unknown":{"id":true,"metadata":[{"generation":true,"resource_version":true,"uid":true}]},"before_sensitive":false,"after_sensitive":{"metadata":[{}]}}},{"address":"kubernetes_service.app_service","mode":"managed","type":"kubernetes_service","name":"app_service","provider_name":"registry.terraform.io/hashicorp/kubernetes","change":{"actions":["create"],"before":null,"after":{"metadata":[{"annotations":null,"generate_name":null,"labels":null,"name":"helloworld-service","namespace":"helloworld"}],"spec":[{"allocate_load_balancer_node_ports":true,"external_ips":null,"external_name":null,"load_balancer_class":null,"load_balancer_ip":null,"load_balancer_source_ranges":null,"port":[{"app_protocol":null,"name":null,"port":8080,"protocol":"TCP","target_port":"80"}],"publish_not_ready_addresses":false,"selector":{"app":"hello_world_app"},"session_affinity":"None","type":"ClusterIP"}],"timeouts":null,"wait_for_load_balancer":true},"after_unknown":{"id":true,"metadata":[{"generation":true,"resource_version":true,"uid":true}],"spec":[{"cluster_ip":true,"cluster_ips":true,"external_traffic_policy":true,"health_check_node_port":true,"internal_traffic_policy":true,"ip_families":true,"ip_family_policy":true,"port":[{"node_port":true}],"selector":{},"session_affinity_config":true}],"status":true},"before_sensitive":false,"after_sensitive":{"metadata":[{}],"spec":[{"cluster_ips":[],"ip_families":[],"port":[{}],"selector":{},"session_affinity_config":[]}],"status":[]}}}],"configuration":{"provider_config":{"archive":{"name":"archive","full_name":"registry.terraform.io/hashicorp/archive","version_constraint":"\u003e= 2.0.0"},"aws":{"name":"aws","full_name":"registry.terraform.io/hashicorp/aws","version_constraint":"~\u003e 6.27.0","expressions":{"access_key":{"constant_value":"mock"},"endpoints":[{"apigateway":{"constant_value":"http://localhost:4566"},"apigatewayv2":{"constant_value":"http://localhost:4566"},"cloudwatch":{"constant_value":"http://localhost:4566"},"cloudwatchevents":{"constant_value":"http://localhost:4566"},"dynamodb":{"constant_value":"http://localhost:4566"},"ec2":{"constant_value":"http://localhost:4566"},"ecr":{"constant_value":"http://localhost:4566"},"ecrpublic":{"constant_value":"http://localhost:4566"},"ecs":{"constant_value":"http://localhost:4566"},"efs":{"constant_value":"http://localhost:4566"},"iam":{"constant_value":"http://localhost:4566"},"kinesis":{"constant_value":"http://localhost:4566"},"kms":{"constant_value":"http://localhost:4566"},"lambda":{"constant_value":"http://localhost:4566"},"logs":{"constant_value":"http://localhost:4566"},"route53":{"constant_value":"http://localhost:4566"},"s3":{"constant_value":"http://localhost:4566"},"s3control":{"constant_value":"http://localhost:4566"},"secretsmanager":{"constant_value":"http://localhost:4566"},"sns":{"constant_value":"http://localhost:4566"},"sqs":{"constant_value":"http://localhost:4566"},"ssm":{"constant_value":"http://localhost:4566"},"sts":{"constant_value":"http://localhost:4566"}}],"region":{"constant_value":"us-east-1"},"s3_use_path_style":{"constant_value":true},"secret_key":{"constant_value":"mock"},"skip_credentials_validation":{"constant_value":true},"skip_metadata_api_check":{"constant_value":true},"skip_region_validation":{"constant_value":true},"skip_requesting_account_id":{"constant_value":true}}},"kubernetes":{"name":"kubernetes","full_name":"registry.terraform.io/hashicorp/kubernetes","expressions":{"config_path":{"constant_value":"~/.kube/config"}}}},"root_module":{"resources":[{"address":"kubernetes_deployment.app_deployment","mode":"managed","type":"kubernetes_deployment","name":"app_deployment","provider_config_key":"kubernetes","expressions":{"metadata":[{"name":{"constant_value":"helloworld-deployment"},"namespace":{"references":["kubernetes_namespace.app_namespace.metadata[0].name","kubernetes_namespace.app_namespace.metadata[0]","kubernetes_namespace.app_namespace.metadata","kubernetes_namespace.app_namespace"]}}],"spec":[{"replicas":{"constant_value":2},"selector":[{"match_labels":{"constant_value":{"app":"hello_world_app"}}}],"template":[{"metadata":[{"labels":{"constant_value":{"app":"hello_world_app"}}}],"spec":[{"container":[{"image":{"constant_value":"talaharon23/helloworld-app:1.1"},"name":{"constant_value":"helloworld-app"},"port":[{"container_port":{"constant_value":8080}}]}]}]}]}]},"schema_version":1},{"address":"kubernetes_ingress_v1.app_ingress","mode":"managed","type":"kubernetes_ingress_v1","name":"app_ingress","provider_config_key":"kubernetes","expressions":{"metadata":[{"name":{"constant_value":"helloworld-ingress"}}],"spec":[{"ingress_class_name":{"constant_value":"nginx"},"rule":[{"http":[{"path":[{"backend":[{"service":[{"name":{"references":["kubernetes_service.app_service.metadata[0].name","kubernetes_service.app_service.metadata[0]","kubernetes_service.app_service.metadata","kubernetes_service.app_service"]},"port":[{"number":{"constant_value":80}}]}]}],"path":{"constant_value":"/*"},"path_type":{"constant_value":"ImplementationSpecific"}}]}]}]}]},"schema_version":0},{"address":"kubernetes_namespace.app_namespace","mode":"managed","type":"kubernetes_namespace","name":"app_namespace","provider_config_key":"kubernetes","expressions":{"metadata":[{"name":{"constant_value":"helloworld"}}]},"schema_version":0},{"address":"kubernetes_service.app_service","mode":"managed","type":"kubernetes_service","name":"app_service","provider_config_key":"kubernetes","expressions":{"metadata":[{"name":{"constant_value":"helloworld-service"},"namespace":{"references":["kubernetes_namespace.app_namespace.metadata[0].name","kubernetes_namespace.app_namespace.metadata[0]","kubernetes_namespace.app_namespace.metadata","kubernetes_namespace.app_namespace"]}}],"spec":[{"port":[{"port":{"constant_value":8080},"target_port":{"constant_value":80}}],"selector":{"constant_value":{"app":"hello_world_app"}}}]},"schema_version":1}]}},"relevant_attributes":[{"resource":"kubernetes_namespace.app_namespace","attribute":["metadata",0,"name"]},{"resource":"kubernetes_service.app_service","attribute":["metadata",0,"name"]}],"timestamp":"2026-01-23T07:53:44Z","applyable":true,"complete":true,"errored":false}
