{"format_version":"1.2","terraform_version":"1.13.5","variables":{"env":{"value":"adm"}},"planned_values":{"root_module":{"resources":[{"address":"docker_container.sonarqube","mode":"managed","type":"docker_container","name":"sonarqube","provider_name":"registry.terraform.io/kreuzwerker/docker","schema_version":2,"values":{"attach":false,"capabilities":[],"cgroup_parent":null,"cgroupns_mode":null,"container_read_refresh_timeout_milliseconds":15000,"cpu_period":null,"cpu_quota":null,"cpu_set":null,"cpu_shares":null,"cpus":null,"destroy_grace_seconds":null,"devices":[],"dns":null,"dns_opts":null,"dns_search":null,"domainname":null,"env":["RANDOM_STRING=acb53b5e-6a57-4e81-a983-2cde076ce6d4","SONAR_WEB_CONTEXT=/sonarqube"],"gpus":null,"group_add":null,"host":[],"hostname":"container-adm-sonarqube","log_opts":null,"logs":false,"max_retry_count":null,"memory":null,"memory_swap":null,"mounts":[],"must_run":true,"name":"container-adm-sonarqube","network_mode":"bridge","networks_advanced":[{"aliases":[],"ipv4_address":"10.10.0.125","ipv6_address":"","name":"adm-docker"}],"pid_mode":null,"ports":[],"privileged":null,"publish_all_ports":null,"read_only":false,"remove_volumes":true,"restart":"unless-stopped","rm":false,"shm_size":1024,"start":true,"stdin_open":false,"storage_opts":null,"sysctls":null,"tmpfs":null,"tty":false,"ulimit":[],"upload":[],"user":null,"userns_mode":null,"volumes":[{"container_path":"/opt/sonarqube/data","from_container":"","host_path":"","read_only":null,"volume_name":"volume-adm-sonarqube-data"},{"container_path":"/opt/sonarqube/extensions","from_container":"","host_path":"","read_only":null,"volume_name":"volume-adm-sonarqube-extensions"},{"container_path":"/opt/sonarqube/logs","from_container":"","host_path":"","read_only":null,"volume_name":"volume-adm-sonarqube-logs"}],"wait":false,"wait_timeout":60,"working_dir":null},"sensitive_values":{"capabilities":[],"command":[],"devices":[],"entrypoint":[],"env":[false,false],"healthcheck":[],"host":[],"labels":[],"mounts":[],"network_data":[],"networks_advanced":[{"aliases":[]}],"ports":[],"security_opts":[],"ulimit":[],"upload":[],"volumes":[{},{},{}]}},{"address":"docker_image.sonarqube","mode":"managed","type":"docker_image","name":"sonarqube","provider_name":"registry.terraform.io/kreuzwerker/docker","schema_version":0,"values":{"build":[{"auth_config":[],"build_args":null,"build_id":"","build_log_file":"","builder":"","cache_from":[],"cgroup_parent":"","context":".","cpu_period":null,"cpu_quota":null,"cpu_set_cpus":"","cpu_set_mems":"","cpu_shares":null,"dockerfile":"Dockerfile","extra_hosts":[],"force_remove":null,"isolation":"","label":null,"labels":null,"memory":null,"memory_swap":null,"network_mode":"","no_cache":null,"platform":"","pull_parent":null,"remote_context":"","remove":true,"secrets":[],"security_opt":[],"session_id":"","shm_size":null,"squash":null,"suppress_output":null,"tag":[],"target":"","ulimit":[],"version":""}],"force_remove":null,"keep_locally":false,"name":"tel-adm-sonarqube","platform":null,"pull_triggers":null,"timeouts":null,"triggers":{"dir_sha1":"8711c07338681518e4a26c2e3cdfa49e74e1d489"}},"sensitive_values":{"build":[{"auth_config":[],"cache_from":[],"extra_hosts":[],"secrets":[],"security_opt":[],"tag":[],"ulimit":[]}],"triggers":{}}},{"address":"docker_volume.sonarqube_data","mode":"managed","type":"docker_volume","name":"sonarqube_data","provider_name":"registry.terraform.io/kreuzwerker/docker","schema_version":1,"values":{"driver_opts":null,"labels":[],"name":"volume-adm-sonarqube-data"},"sensitive_values":{"labels":[]}},{"address":"docker_volume.sonarqube_extensions","mode":"managed","type":"docker_volume","name":"sonarqube_extensions","provider_name":"registry.terraform.io/kreuzwerker/docker","schema_version":1,"values":{"driver_opts":null,"labels":[],"name":"volume-adm-sonarqube-extensions"},"sensitive_values":{"labels":[]}},{"address":"docker_volume.sonarqube_logs","mode":"managed","type":"docker_volume","name":"sonarqube_logs","provider_name":"registry.terraform.io/kreuzwerker/docker","schema_version":1,"values":{"driver_opts":null,"labels":[],"name":"volume-adm-sonarqube-logs"},"sensitive_values":{"labels":[]}}]}},"resource_changes":[{"address":"docker_container.sonarqube","mode":"managed","type":"docker_container","name":"sonarqube","provider_name":"registry.terraform.io/kreuzwerker/docker","change":{"actions":["create"],"before":null,"after":{"attach":false,"capabilities":[],"cgroup_parent":null,"cgroupns_mode":null,"container_read_refresh_timeout_milliseconds":15000,"cpu_period":null,"cpu_quota":null,"cpu_set":null,"cpu_shares":null,"cpus":null,"destroy_grace_seconds":null,"devices":[],"dns":null,"dns_opts":null,"dns_search":null,"domainname":null,"env":["RANDOM_STRING=acb53b5e-6a57-4e81-a983-2cde076ce6d4","SONAR_WEB_CONTEXT=/sonarqube"],"gpus":null,"group_add":null,"host":[],"hostname":"container-adm-sonarqube","log_opts":null,"logs":false,"max_retry_count":null,"memory":null,"memory_swap":null,"mounts":[],"must_run":true,"name":"container-adm-sonarqube","network_mode":"bridge","networks_advanced":[{"aliases":[],"ipv4_address":"10.10.0.125","ipv6_address":"","name":"adm-docker"}],"pid_mode":null,"ports":[],"privileged":null,"publish_all_ports":null,"read_only":false,"remove_volumes":true,"restart":"unless-stopped","rm":false,"shm_size":1024,"start":true,"stdin_open":false,"storage_opts":null,"sysctls":null,"tmpfs":null,"tty":false,"ulimit":[],"upload":[],"user":null,"userns_mode":null,"volumes":[{"container_path":"/opt/sonarqube/data","from_container":"","host_path":"","read_only":null,"volume_name":"volume-adm-sonarqube-data"},{"container_path":"/opt/sonarqube/extensions","from_container":"","host_path":"","read_only":null,"volume_name":"volume-adm-sonarqube-extensions"},{"container_path":"/opt/sonarqube/logs","from_container":"","host_path":"","read_only":null,"volume_name":"volume-adm-sonarqube-logs"}],"wait":false,"wait_timeout":60,"working_dir":null},"after_unknown":{"bridge":true,"capabilities":[],"command":true,"container_logs":true,"devices":[],"entrypoint":true,"env":[false,false],"exit_code":true,"healthcheck":true,"host":[],"id":true,"image":true,"init":true,"ipc_mode":true,"labels":true,"log_driver":true,"mounts":[],"network_data":true,"networks_advanced":[{"aliases":[]}],"ports":[],"runtime":true,"security_opts":true,"stop_signal":true,"stop_timeout":true,"ulimit":[],"upload":[],"volumes":[{},{},{}]},"before_sensitive":false,"after_sensitive":{"capabilities":[],"command":[],"devices":[],"entrypoint":[],"env":[false,false],"healthcheck":[],"host":[],"labels":[],"mounts":[],"network_data":[],"networks_advanced":[{"aliases":[]}],"ports":[],"security_opts":[],"ulimit":[],"upload":[],"volumes":[{},{},{}]}}},{"address":"docker_image.sonarqube","mode":"managed","type":"docker_image","name":"sonarqube","provider_name":"registry.terraform.io/kreuzwerker/docker","change":{"actions":["create"],"before":null,"after":{"build":[{"auth_config":[],"build_args":null,"build_id":"","build_log_file":"","builder":"","cache_from":[],"cgroup_parent":"","context":".","cpu_period":null,"cpu_quota":null,"cpu_set_cpus":"","cpu_set_mems":"","cpu_shares":null,"dockerfile":"Dockerfile","extra_hosts":[],"force_remove":null,"isolation":"","label":null,"labels":null,"memory":null,"memory_swap":null,"network_mode":"","no_cache":null,"platform":"","pull_parent":null,"remote_context":"","remove":true,"secrets":[],"security_opt":[],"session_id":"","shm_size":null,"squash":null,"suppress_output":null,"tag":[],"target":"","ulimit":[],"version":""}],"force_remove":null,"keep_locally":false,"name":"tel-adm-sonarqube","platform":null,"pull_triggers":null,"timeouts":null,"triggers":{"dir_sha1":"8711c07338681518e4a26c2e3cdfa49e74e1d489"}},"after_unknown":{"build":[{"auth_config":[],"cache_from":[],"extra_hosts":[],"secrets":[],"security_opt":[],"tag":[],"ulimit":[]}],"id":true,"image_id":true,"repo_digest":true,"triggers":{}},"before_sensitive":false,"after_sensitive":{"build":[{"auth_config":[],"cache_from":[],"extra_hosts":[],"secrets":[],"security_opt":[],"tag":[],"ulimit":[]}],"triggers":{}}}},{"address":"docker_volume.sonarqube_data","mode":"managed","type":"docker_volume","name":"sonarqube_data","provider_name":"registry.terraform.io/kreuzwerker/docker","change":{"actions":["create"],"before":null,"after":{"driver_opts":null,"labels":[],"name":"volume-adm-sonarqube-data"},"after_unknown":{"driver":true,"id":true,"labels":[],"mountpoint":true},"before_sensitive":false,"after_sensitive":{"labels":[]}}},{"address":"docker_volume.sonarqube_extensions","mode":"managed","type":"docker_volume","name":"sonarqube_extensions","provider_name":"registry.terraform.io/kreuzwerker/docker","change":{"actions":["create"],"before":null,"after":{"driver_opts":null,"labels":[],"name":"volume-adm-sonarqube-extensions"},"after_unknown":{"driver":true,"id":true,"labels":[],"mountpoint":true},"before_sensitive":false,"after_sensitive":{"labels":[]}}},{"address":"docker_volume.sonarqube_logs","mode":"managed","type":"docker_volume","name":"sonarqube_logs","provider_name":"registry.terraform.io/kreuzwerker/docker","change":{"actions":["create"],"before":null,"after":{"driver_opts":null,"labels":[],"name":"volume-adm-sonarqube-logs"},"after_unknown":{"driver":true,"id":true,"labels":[],"mountpoint":true},"before_sensitive":false,"after_sensitive":{"labels":[]}}}],"configuration":{"provider_config":{"aws":{"name":"aws","full_name":"registry.terraform.io/hashicorp/aws","expressions":{"access_key":{"constant_value":"mock"},"endpoints":[{"apigateway":{"constant_value":"http://localhost:4566"},"apigatewayv2":{"constant_value":"http://localhost:4566"},"cloudwatch":{"constant_value":"http://localhost:4566"},"cloudwatchevents":{"constant_value":"http://localhost:4566"},"dynamodb":{"constant_value":"http://localhost:4566"},"ec2":{"constant_value":"http://localhost:4566"},"ecr":{"constant_value":"http://localhost:4566"},"ecrpublic":{"constant_value":"http://localhost:4566"},"ecs":{"constant_value":"http://localhost:4566"},"efs":{"constant_value":"http://localhost:4566"},"iam":{"constant_value":"http://localhost:4566"},"kinesis":{"constant_value":"http://localhost:4566"},"kms":{"constant_value":"http://localhost:4566"},"lambda":{"constant_value":"http://localhost:4566"},"logs":{"constant_value":"http://localhost:4566"},"route53":{"constant_value":"http://localhost:4566"},"s3":{"constant_value":"http://localhost:4566"},"s3control":{"constant_value":"http://localhost:4566"},"secretsmanager":{"constant_value":"http://localhost:4566"},"sns":{"constant_value":"http://localhost:4566"},"sqs":{"constant_value":"http://localhost:4566"},"ssm":{"constant_value":"http://localhost:4566"},"sts":{"constant_value":"http://localhost:4566"}}],"region":{"constant_value":"us-east-1"},"s3_use_path_style":{"constant_value":true},"secret_key":{"constant_value":"mock"},"skip_credentials_validation":{"constant_value":true},"skip_metadata_api_check":{"constant_value":true},"skip_region_validation":{"constant_value":true},"skip_requesting_account_id":{"constant_value":true}}},"docker":{"name":"docker","full_name":"registry.terraform.io/kreuzwerker/docker","version_constraint":"~\u003e 3.0"},"docker.docker-host":{"name":"docker","full_name":"registry.terraform.io/kreuzwerker/docker","alias":"docker-host","version_constraint":"~\u003e 3.0","expressions":{"host":{"constant_value":"unix:///var/run/docker.sock"}}}},"root_module":{"resources":[{"address":"docker_container.sonarqube","mode":"managed","type":"docker_container","name":"sonarqube","provider_config_key":"docker","expressions":{"env":{"constant_value":["SONAR_WEB_CONTEXT=/sonarqube","RANDOM_STRING=acb53b5e-6a57-4e81-a983-2cde076ce6d4"]},"hostname":{"references":["local.container_name"]},"image":{"references":["docker_image.sonarqube.image_id","docker_image.sonarqube"]},"name":{"references":["local.container_name"]},"networks_advanced":[{"ipv4_address":{"constant_value":"10.10.0.125"},"name":{"references":["var.env"]}}],"restart":{"constant_value":"unless-stopped"},"shm_size":{"constant_value":1024},"volumes":[{"container_path":{"constant_value":"/opt/sonarqube/data"},"volume_name":{"references":["docker_volume.sonarqube_data.name","docker_volume.sonarqube_data"]}},{"container_path":{"constant_value":"/opt/sonarqube/logs"},"volume_name":{"references":["docker_volume.sonarqube_logs.name","docker_volume.sonarqube_logs"]}},{"container_path":{"constant_value":"/opt/sonarqube/extensions"},"volume_name":{"references":["docker_volume.sonarqube_extensions.name","docker_volume.sonarqube_extensions"]}}]},"schema_version":2},{"address":"docker_image.sonarqube","mode":"managed","type":"docker_image","name":"sonarqube","provider_config_key":"docker","expressions":{"build":[{"context":{"references":["path.module"]}}],"keep_locally":{"constant_value":false},"name":{"references":["local.docker_image_name"]},"triggers":{"references":["path.module"]}},"schema_version":0},{"address":"docker_volume.sonarqube_data","mode":"managed","type":"docker_volume","name":"sonarqube_data","provider_config_key":"docker","expressions":{"name":{"references":["var.env"]}},"schema_version":1},{"address":"docker_volume.sonarqube_extensions","mode":"managed","type":"docker_volume","name":"sonarqube_extensions","provider_config_key":"docker","expressions":{"name":{"references":["var.env"]}},"schema_version":1},{"address":"docker_volume.sonarqube_logs","mode":"managed","type":"docker_volume","name":"sonarqube_logs","provider_config_key":"docker","expressions":{"name":{"references":["var.env"]}},"schema_version":1}],"variables":{"env":{"default":"adm"}}}},"relevant_attributes":[{"resource":"docker_image.sonarqube","attribute":["image_id"]},{"resource":"docker_volume.sonarqube_extensions","attribute":["name"]},{"resource":"docker_volume.sonarqube_logs","attribute":["name"]},{"resource":"docker_volume.sonarqube_data","attribute":["name"]}],"timestamp":"2026-01-25T17:31:28Z","applyable":true,"complete":true,"errored":false}
