data.archive_file.lambda_dummy: Reading...
data.archive_file.lambda_dummy: Read complete after 0s [id=58e93fade67637870be5af38eff8d5aa66c7da49]

Terraform used the selected providers to generate the following execution
plan. Resource actions are indicated with the following symbols:
  + create

Terraform will perform the following actions:

  # aws_iam_role.lambda_exec will be created
  + resource "aws_iam_role" "lambda_exec" {
      + arn                   = (known after apply)
      + assume_role_policy    = jsonencode(
            {
              + Statement = [
                  + {
                      + Action    = "sts:AssumeRole"
                      + Effect    = "Allow"
                      + Principal = {
                          + Service = "lambda.amazonaws.com"
                        }
                    },
                ]
              + Version   = "2012-10-17"
            }
        )
      + create_date           = (known after apply)
      + force_detach_policies = false
      + id                    = (known after apply)
      + managed_policy_arns   = (known after apply)
      + max_session_duration  = 3600
      + name                  = "ai-basis-lambda-exec"
      + name_prefix           = (known after apply)
      + path                  = "/"
      + tags_all              = (known after apply)
      + unique_id             = (known after apply)

      + inline_policy (known after apply)
    }

  # aws_iam_role_policy_attachment.lambda_basic will be created
  + resource "aws_iam_role_policy_attachment" "lambda_basic" {
      + id         = (known after apply)
      + policy_arn = "arn:aws:iam::aws:policy/service-role/AWSLambdaBasicExecutionRole"
      + role       = "ai-basis-lambda-exec"
    }

  # aws_lambda_event_source_mapping.sqs_event will be created
  + resource "aws_lambda_event_source_mapping" "sqs_event" {
      + arn                           = (known after apply)
      + enabled                       = true
      + event_source_arn              = (known after apply)
      + function_arn                  = (known after apply)
      + function_name                 = (known after apply)
      + id                            = (known after apply)
      + last_modified                 = (known after apply)
      + last_processing_result        = (known after apply)
      + maximum_record_age_in_seconds = (known after apply)
      + maximum_retry_attempts        = (known after apply)
      + parallelization_factor        = (known after apply)
      + region                        = "us-east-1"
      + state                         = (known after apply)
      + state_transition_reason       = (known after apply)
      + tags_all                      = (known after apply)
      + uuid                          = (known after apply)

      + amazon_managed_kafka_event_source_config (known after apply)

      + self_managed_kafka_event_source_config (known after apply)
    }

  # aws_lambda_function.app_lambda will be created
  + resource "aws_lambda_function" "app_lambda" {
      + architectures                  = (known after apply)
      + arn                            = (known after apply)
      + code_sha256                    = (known after apply)
      + filename                       = "dummy_lambda.zip"
      + function_name                  = "ai-basis-lambda"
      + handler                        = "handler"
      + id                             = (known after apply)
      + invoke_arn                     = (known after apply)
      + last_modified                  = (known after apply)
      + memory_size                    = 128
      + package_type                   = "Zip"
      + publish                        = false
      + qualified_arn                  = (known after apply)
      + qualified_invoke_arn           = (known after apply)
      + region                         = "us-east-1"
      + reserved_concurrent_executions = -1
      + response_streaming_invoke_arn  = (known after apply)
      + role                           = (known after apply)
      + runtime                        = "go1.x"
      + signing_job_arn                = (known after apply)
      + signing_profile_version_arn    = (known after apply)
      + skip_destroy                   = false
      + source_code_hash               = "dummyhash"
      + source_code_size               = (known after apply)
      + tags                           = {
          + "Name" = "ai-basis-lambda"
        }
      + tags_all                       = {
          + "Name" = "ai-basis-lambda"
        }
      + timeout                        = 3
      + version                        = (known after apply)

      + environment {
          + variables = (known after apply)
        }

      + ephemeral_storage (known after apply)

      + logging_config (known after apply)

      + tracing_config (known after apply)
    }

  # aws_s3_bucket.app_bucket will be created
  + resource "aws_s3_bucket" "app_bucket" {
      + acceleration_status         = (known after apply)
      + acl                         = (known after apply)
      + arn                         = (known after apply)
      + bucket                      = "ai-basis-bucket"
      + bucket_domain_name          = (known after apply)
      + bucket_prefix               = (known after apply)
      + bucket_region               = (known after apply)
      + bucket_regional_domain_name = (known after apply)
      + force_destroy               = true
      + hosted_zone_id              = (known after apply)
      + id                          = (known after apply)
      + object_lock_enabled         = (known after apply)
      + policy                      = (known after apply)
      + region                      = "us-east-1"
      + request_payer               = (known after apply)
      + tags                        = {
          + "Name" = "ai-basis-bucket"
        }
      + tags_all                    = {
          + "Name" = "ai-basis-bucket"
        }
      + website_domain              = (known after apply)
      + website_endpoint            = (known after apply)

      + cors_rule (known after apply)

      + grant (known after apply)

      + lifecycle_rule (known after apply)

      + logging (known after apply)

      + object_lock_configuration (known after apply)

      + replication_configuration (known after apply)

      + server_side_encryption_configuration (known after apply)

      + versioning (known after apply)

      + website (known after apply)
    }

  # aws_s3_bucket_notification.bucket_notification will be created
  + resource "aws_s3_bucket_notification" "bucket_notification" {
      + bucket      = (known after apply)
      + eventbridge = false
      + id          = (known after apply)
      + region      = "us-east-1"

      + queue {
          + events    = [
              + "s3:ObjectCreated:*",
            ]
          + id        = (known after apply)
          + queue_arn = (known after apply)
        }
    }

  # aws_sqs_queue.app_queue will be created
  + resource "aws_sqs_queue" "app_queue" {
      + arn                               = (known after apply)
      + content_based_deduplication       = false
      + deduplication_scope               = (known after apply)
      + delay_seconds                     = 0
      + fifo_queue                        = false
      + fifo_throughput_limit             = (known after apply)
      + id                                = (known after apply)
      + kms_data_key_reuse_period_seconds = (known after apply)
      + max_message_size                  = 262144
      + message_retention_seconds         = 345600
      + name                              = "ai-basis-queue"
      + name_prefix                       = (known after apply)
      + policy                            = (known after apply)
      + receive_wait_time_seconds         = 0
      + redrive_allow_policy              = (known after apply)
      + redrive_policy                    = (known after apply)
      + region                            = "us-east-1"
      + sqs_managed_sse_enabled           = (known after apply)
      + tags                              = {
          + "Name" = "ai-basis-queue"
        }
      + tags_all                          = {
          + "Name" = "ai-basis-queue"
        }
      + url                               = (known after apply)
      + visibility_timeout_seconds        = 30
    }

Plan: 7 to add, 0 to change, 0 to destroy.

Changes to Outputs:
  + lambda_function_name = "ai-basis-lambda"
  + s3_bucket_name       = (known after apply)
  + sqs_queue_url        = (known after apply)
