data.archive_file.lambda_dummy: Reading...
data.archive_file.lambda_dummy: Read complete after 0s [id=58e93fade67637870be5af38eff8d5aa66c7da49]

Terraform used the selected providers to generate the following execution
plan. Resource actions are indicated with the following symbols:
  + create

Terraform will perform the following actions:

  # aws_dynamodb_table.lock_table will be created
  + resource "aws_dynamodb_table" "lock_table" {
      + arn              = (known after apply)
      + billing_mode     = "PAY_PER_REQUEST"
      + hash_key         = "LockID"
      + id               = (known after apply)
      + name             = "delta-optimize-lock"
      + read_capacity    = (known after apply)
      + region           = "us-east-1"
      + stream_arn       = (known after apply)
      + stream_label     = (known after apply)
      + stream_view_type = (known after apply)
      + tags             = {
          + "Name" = "delta-optimize-lock"
        }
      + tags_all         = {
          + "Name" = "delta-optimize-lock"
        }
      + write_capacity   = (known after apply)

      + attribute {
          + name = "LockID"
          + type = "S"
        }

      + global_secondary_index (known after apply)

      + global_table_witness (known after apply)

      + point_in_time_recovery (known after apply)

      + server_side_encryption (known after apply)

      + ttl (known after apply)

      + warm_throughput (known after apply)
    }

  # aws_iam_role.lambda_exec will be created
  + resource "aws_iam_role" "lambda_exec" {
      + arn                   = (known after apply)
      + assume_role_policy    = jsonencode(
            {
              + Statement = [
                  + {
                      + Action    = "sts:AssumeRole"
                      + Effect    = "Allow"
                      + Principal = {
                          + Service = "lambda.amazonaws.com"
                        }
                    },
                ]
              + Version   = "2012-10-17"
            }
        )
      + create_date           = (known after apply)
      + force_detach_policies = false
      + id                    = (known after apply)
      + managed_policy_arns   = (known after apply)
      + max_session_duration  = 3600
      + name                  = "delta-optimize-lambda-exec"
      + name_prefix           = (known after apply)
      + path                  = "/"
      + tags                  = {
          + "Name" = "delta-optimize-lambda"
        }
      + tags_all              = {
          + "Name" = "delta-optimize-lambda"
        }
      + unique_id             = (known after apply)

      + inline_policy (known after apply)
    }

  # aws_iam_role_policy.lambda_policy will be created
  + resource "aws_iam_role_policy" "lambda_policy" {
      + id          = (known after apply)
      + name        = "delta-optimize-lambda-policy"
      + name_prefix = (known after apply)
      + policy      = (known after apply)
      + role        = (known after apply)
    }

  # aws_lambda_function.delta_optimize_lambda will be created
  + resource "aws_lambda_function" "delta_optimize_lambda" {
      + architectures                  = (known after apply)
      + arn                            = (known after apply)
      + code_sha256                    = (known after apply)
      + filename                       = "bootstrap.zip"
      + function_name                  = "delta-optimize-lambda"
      + handler                        = "bootstrap"
      + id                             = (known after apply)
      + invoke_arn                     = (known after apply)
      + last_modified                  = (known after apply)
      + memory_size                    = 128
      + package_type                   = "Zip"
      + publish                        = false
      + qualified_arn                  = (known after apply)
      + qualified_invoke_arn           = (known after apply)
      + region                         = "us-east-1"
      + reserved_concurrent_executions = -1
      + response_streaming_invoke_arn  = (known after apply)
      + role                           = (known after apply)
      + runtime                        = "provided.al2"
      + signing_job_arn                = (known after apply)
      + signing_profile_version_arn    = (known after apply)
      + skip_destroy                   = false
      + source_code_hash               = "wmbalFzzY/wG3ivChKElOZB3+B4gptmQyIat05p+fU4="
      + source_code_size               = (known after apply)
      + tags                           = {
          + "Name" = "delta-optimize-lambda"
        }
      + tags_all                       = {
          + "Name" = "delta-optimize-lambda"
        }
      + timeout                        = 60
      + version                        = (known after apply)

      + environment {
          + variables = {
              + "DATALAKE_LOCATION" = "<YOUR_DELTA_LAKE_S3_PATH>"
              + "DYNAMODB_TABLE"    = "delta-optimize-lock"
            }
        }

      + ephemeral_storage (known after apply)

      + logging_config (known after apply)

      + tracing_config (known after apply)
    }

Plan: 4 to add, 0 to change, 0 to destroy.

Changes to Outputs:
  + dynamodb_table_name  = "delta-optimize-lock"
  + lambda_function_name = "delta-optimize-lambda"
aws_iam_role.lambda_exec: Creating...
aws_dynamodb_table.lock_table: Creating...
aws_iam_role.lambda_exec: Creation complete after 0s [id=delta-optimize-lambda-exec]
aws_dynamodb_table.lock_table: Creation complete after 2s [id=delta-optimize-lock]
aws_iam_role_policy.lambda_policy: Creating...
aws_lambda_function.delta_optimize_lambda: Creating...
aws_iam_role_policy.lambda_policy: Creation complete after 0s [id=delta-optimize-lambda-exec:delta-optimize-lambda-policy]
