data.archive_file.lambda_dummy: Reading...
data.archive_file.lambda_dummy: Read complete after 0s [id=58e93fade67637870be5af38eff8d5aa66c7da49]
module.playwright_lambda.data.aws_iam_policy_document.service_principal: Reading...
module.playwright_lambda.data.aws_iam_policy.lambda_insights[0]: Reading...
module.playwright_lambda.data.aws_iam_policy_document.service_principal: Read complete after 0s [id=2690255455]
module.playwright_lambda.data.aws_iam_policy.lambda_insights[0]: Read complete after 1s [id=arn:aws:iam::aws:policy/CloudWatchLambdaInsightsExecutionRolePolicy]

Terraform used the selected providers to generate the following execution
plan. Resource actions are indicated with the following symbols:
  + create
 <= read (data resources)

Terraform will perform the following actions:

  # aws_cloudwatch_event_rule.every_15_minutes will be created
  + resource "aws_cloudwatch_event_rule" "every_15_minutes" {
      + arn                 = (known after apply)
      + description         = "Trigger every 15 minutes"
      + event_bus_name      = "default"
      + force_destroy       = false
      + id                  = (known after apply)
      + name                = "every-15-minutes"
      + name_prefix         = (known after apply)
      + schedule_expression = "rate(15 minutes)"
      + tags_all            = (known after apply)
    }

  # aws_cloudwatch_event_target.playwright_lambda will be created
  + resource "aws_cloudwatch_event_target" "playwright_lambda" {
      + arn            = (known after apply)
      + event_bus_name = "default"
      + force_destroy  = false
      + id             = (known after apply)
      + input          = jsonencode(
            {
              + url = "terraform"
            }
        )
      + rule           = "every-15-minutes"
      + target_id      = "playwright-lambda"
    }

  # aws_ecr_repository.playwright_lambda will be created
  + resource "aws_ecr_repository" "playwright_lambda" {
      + arn                  = (known after apply)
      + id                   = (known after apply)
      + image_tag_mutability = "MUTABLE"
      + name                 = "playwright-lambda"
      + registry_id          = (known after apply)
      + repository_url       = (known after apply)
      + tags                 = {
          + "CostCentre" = "sre"
          + "Terraform"  = "true"
        }
      + tags_all             = {
          + "CostCentre" = "sre"
          + "Terraform"  = "true"
        }

      + image_scanning_configuration {
          + scan_on_push = true
        }
    }

  # aws_lambda_permission.eventbridge will be created
  + resource "aws_lambda_permission" "eventbridge" {
      + action              = "lambda:InvokeFunction"
      + function_name       = "playwright-lambda"
      + id                  = (known after apply)
      + principal           = "events.amazonaws.com"
      + source_arn          = (known after apply)
      + statement_id        = "AllowExecutionFromEventBridge"
      + statement_id_prefix = (known after apply)
    }

  # module.playwright_lambda.data.aws_iam_policy_document.non_vpc_policies[0] will be read during apply
  # (config refers to values not yet known)
 <= data "aws_iam_policy_document" "non_vpc_policies" {
      + id            = (known after apply)
      + json          = (known after apply)
      + minified_json = (known after apply)

      + statement {
          + actions   = [
              + "logs:CreateLogGroup",
              + "logs:CreateLogStream",
              + "logs:PutLogEvents",
            ]
          + effect    = "Allow"
          + resources = [
              + "*",
            ]
          + sid       = "CloudWatchAccess"
        }
      + statement {
          + actions   = [
              + "ecr:BatchGetImage",
              + "ecr:GetDownloadUrlForlayer",
            ]
          + effect    = "Allow"
          + resources = [
              + (known after apply),
            ]
          + sid       = "ECRImageAccess"
        }
    }

  # module.playwright_lambda.aws_cloudwatch_log_group.this will be created
  + resource "aws_cloudwatch_log_group" "this" {
      + arn               = (known after apply)
      + id                = (known after apply)
      + log_group_class   = (known after apply)
      + name              = "/aws/lambda/playwright-lambda"
      + name_prefix       = (known after apply)
      + retention_in_days = 14
      + skip_destroy      = false
      + tags              = {
          + "CostCentre" = "sre"
          + "Terraform"  = "true"
        }
      + tags_all          = {
          + "CostCentre" = "sre"
          + "Terraform"  = "true"
        }
    }

  # module.playwright_lambda.aws_cloudwatch_query_definition.lambda_statistics will be created
  + resource "aws_cloudwatch_query_definition" "lambda_statistics" {
      + id                  = (known after apply)
      + log_group_names     = [
          + "/aws/lambda/playwright-lambda",
        ]
      + name                = "Lambda Statistics / playwright-lambda"
      + query_definition_id = (known after apply)
      + query_string        = <<-EOT
            filter @type = “REPORT”
            | stats
            count(@type) as countInvocations,
            count(@initDuration) as countColdStarts, (count(@initDuration)/count(@type))*100 as percentageColdStarts,
            max(@initDuration) as maxColdStartTime,
            avg(@duration) as averageDuration,
            max(@duration) as maxDuration,
            min(@duration) as minDuration,
            avg(@maxMemoryUsed) as averageMemoryUsed,
            max(@memorySize) as memoryAllocated, (avg(@maxMemoryUsed)/max(@memorySize))*100 as percentageMemoryUsed
            by bin(1h) as timeFrame
        EOT
    }

  # module.playwright_lambda.aws_iam_policy.non_vpc_policies[0] will be created
  + resource "aws_iam_policy" "non_vpc_policies" {
      + arn              = (known after apply)
      + attachment_count = (known after apply)
      + id               = (known after apply)
      + name             = "playwright-lambda_non_vpc"
      + name_prefix      = (known after apply)
      + path             = "/"
      + policy           = (known after apply)
      + policy_id        = (known after apply)
      + tags             = {
          + "CostCentre" = "sre"
          + "Terraform"  = "true"
        }
      + tags_all         = {
          + "CostCentre" = "sre"
          + "Terraform"  = "true"
        }
    }

  # module.playwright_lambda.aws_iam_role.this will be created
  + resource "aws_iam_role" "this" {
      + arn                   = (known after apply)
      + assume_role_policy    = jsonencode(
            {
              + Statement = [
                  + {
                      + Action    = "sts:AssumeRole"
                      + Effect    = "Allow"
                      + Principal = {
                          + Service = "lambda.amazonaws.com"
                        }
                    },
                ]
              + Version   = "2012-10-17"
            }
        )
      + create_date           = (known after apply)
      + force_detach_policies = false
      + id                    = (known after apply)
      + managed_policy_arns   = (known after apply)
      + max_session_duration  = 3600
      + name                  = "playwright-lambda"
      + name_prefix           = (known after apply)
      + path                  = "/"
      + tags                  = {
          + "CostCentre" = "sre"
          + "Terraform"  = "true"
        }
      + tags_all              = {
          + "CostCentre" = "sre"
          + "Terraform"  = "true"
        }
      + unique_id             = (known after apply)

      + inline_policy (known after apply)
    }

  # module.playwright_lambda.aws_iam_role_policy_attachment.lambda_insights[0] will be created
  + resource "aws_iam_role_policy_attachment" "lambda_insights" {
      + id         = (known after apply)
      + policy_arn = "arn:aws:iam::aws:policy/CloudWatchLambdaInsightsExecutionRolePolicy"
      + role       = "playwright-lambda"
    }

  # module.playwright_lambda.aws_iam_role_policy_attachment.non_vpc_policies[0] will be created
  + resource "aws_iam_role_policy_attachment" "non_vpc_policies" {
      + id         = (known after apply)
      + policy_arn = (known after apply)
      + role       = "playwright-lambda"
    }

  # module.playwright_lambda.aws_lambda_function.this will be created
  + resource "aws_lambda_function" "this" {
      + architectures                  = [
          + "x86_64",
        ]
      + arn                            = (known after apply)
      + code_sha256                    = (known after apply)
      + function_name                  = "playwright-lambda"
      + id                             = (known after apply)
      + image_uri                      = (known after apply)
      + invoke_arn                     = (known after apply)
      + last_modified                  = (known after apply)
      + memory_size                    = 2048
      + package_type                   = "Image"
      + publish                        = false
      + qualified_arn                  = (known after apply)
      + qualified_invoke_arn           = (known after apply)
      + reserved_concurrent_executions = -1
      + role                           = (known after apply)
      + signing_job_arn                = (known after apply)
      + signing_profile_version_arn    = (known after apply)
      + skip_destroy                   = false
      + source_code_hash               = (known after apply)
      + source_code_size               = (known after apply)
      + tags                           = {
          + "CostCentre" = "sre"
          + "Terraform"  = "true"
        }
      + tags_all                       = {
          + "CostCentre" = "sre"
          + "Terraform"  = "true"
        }
      + timeout                        = 300
      + version                        = (known after apply)

      + ephemeral_storage {
          + size = 512
        }

      + logging_config (known after apply)

      + tracing_config {
          + mode = "PassThrough"
        }

      + vpc_config {
          + ipv6_allowed_for_dual_stack = false
          + vpc_id                      = (known after apply)
        }
    }

Plan: 11 to add, 0 to change, 0 to destroy.
module.playwright_lambda.aws_iam_role.this: Creating...
aws_cloudwatch_event_rule.every_15_minutes: Creating...
aws_ecr_repository.playwright_lambda: Creating...
module.playwright_lambda.aws_cloudwatch_log_group.this: Creating...
module.playwright_lambda.aws_iam_role.this: Creation complete after 0s [id=playwright-lambda]
module.playwright_lambda.aws_iam_role_policy_attachment.lambda_insights[0]: Creating...
module.playwright_lambda.aws_iam_role_policy_attachment.lambda_insights[0]: Creation complete after 0s [id=playwright-lambda-20260119150233986900000001]
aws_cloudwatch_event_rule.every_15_minutes: Creation complete after 1s [id=every-15-minutes]
module.playwright_lambda.aws_cloudwatch_log_group.this: Creation complete after 2s [id=/aws/lambda/playwright-lambda]
module.playwright_lambda.aws_cloudwatch_query_definition.lambda_statistics: Creating...
aws_ecr_repository.playwright_lambda: Creation complete after 6s [id=playwright-lambda]
module.playwright_lambda.data.aws_iam_policy_document.non_vpc_policies[0]: Reading...
module.playwright_lambda.data.aws_iam_policy_document.non_vpc_policies[0]: Read complete after 0s [id=4175610799]
module.playwright_lambda.aws_lambda_function.this: Creating...
module.playwright_lambda.aws_iam_policy.non_vpc_policies[0]: Creating...
module.playwright_lambda.aws_iam_policy.non_vpc_policies[0]: Creation complete after 0s [id=arn:aws:iam::000000000000:policy/playwright-lambda_non_vpc]
module.playwright_lambda.aws_iam_role_policy_attachment.non_vpc_policies[0]: Creating...
module.playwright_lambda.aws_iam_role_policy_attachment.non_vpc_policies[0]: Creation complete after 0s [id=playwright-lambda-20260119150239684000000002]
