
Terraform used the selected providers to generate the following execution
plan. Resource actions are indicated with the following symbols:
  + create

Terraform will perform the following actions:

  # aws_s3_bucket.artifacts will be created
  + resource "aws_s3_bucket" "artifacts" {
      + acceleration_status         = (known after apply)
      + acl                         = (known after apply)
      + arn                         = (known after apply)
      + bucket                      = (known after apply)
      + bucket_domain_name          = (known after apply)
      + bucket_prefix               = (known after apply)
      + bucket_region               = (known after apply)
      + bucket_regional_domain_name = (known after apply)
      + force_destroy               = true
      + hosted_zone_id              = (known after apply)
      + id                          = (known after apply)
      + object_lock_enabled         = (known after apply)
      + policy                      = (known after apply)
      + region                      = "us-east-1"
      + request_payer               = (known after apply)
      + tags                        = {
          + "Name" = "scraping-with-self-rotatory-proxies-artifacts"
        }
      + tags_all                    = {
          + "Name" = "scraping-with-self-rotatory-proxies-artifacts"
        }
      + website_domain              = (known after apply)
      + website_endpoint            = (known after apply)

      + cors_rule (known after apply)

      + grant (known after apply)

      + lifecycle_rule (known after apply)

      + logging (known after apply)

      + object_lock_configuration (known after apply)

      + replication_configuration (known after apply)

      + server_side_encryption_configuration (known after apply)

      + versioning (known after apply)

      + website (known after apply)
    }

  # random_id.suffix will be created
  + resource "random_id" "suffix" {
      + b64_std     = (known after apply)
      + b64_url     = (known after apply)
      + byte_length = 4
      + dec         = (known after apply)
      + hex         = (known after apply)
      + id          = (known after apply)
    }

Plan: 2 to add, 0 to change, 0 to destroy.

Changes to Outputs:
  + s3_bucket_name = (known after apply)
random_id.suffix: Creating...
random_id.suffix: Creation complete after 0s [id=Ab7d6w]
aws_s3_bucket.artifacts: Creating...
aws_s3_bucket.artifacts: Still creating... [00m10s elapsed]
aws_s3_bucket.artifacts: Still creating... [00m20s elapsed]
aws_s3_bucket.artifacts: Still creating... [00m30s elapsed]
aws_s3_bucket.artifacts: Still creating... [00m40s elapsed]
aws_s3_bucket.artifacts: Still creating... [00m50s elapsed]
aws_s3_bucket.artifacts: Still creating... [01m00s elapsed]
aws_s3_bucket.artifacts: Still creating... [01m10s elapsed]
aws_s3_bucket.artifacts: Still creating... [01m20s elapsed]
aws_s3_bucket.artifacts: Still creating... [01m30s elapsed]
aws_s3_bucket.artifacts: Still creating... [01m40s elapsed]
aws_s3_bucket.artifacts: Still creating... [01m50s elapsed]
aws_s3_bucket.artifacts: Still creating... [02m00s elapsed]
aws_s3_bucket.artifacts: Still creating... [02m10s elapsed]
aws_s3_bucket.artifacts: Still creating... [02m20s elapsed]
aws_s3_bucket.artifacts: Still creating... [02m30s elapsed]
aws_s3_bucket.artifacts: Still creating... [02m40s elapsed]
aws_s3_bucket.artifacts: Still creating... [02m50s elapsed]
aws_s3_bucket.artifacts: Still creating... [03m00s elapsed]
aws_s3_bucket.artifacts: Still creating... [03m10s elapsed]
aws_s3_bucket.artifacts: Still creating... [03m20s elapsed]
aws_s3_bucket.artifacts: Still creating... [03m30s elapsed]
aws_s3_bucket.artifacts: Still creating... [03m40s elapsed]
aws_s3_bucket.artifacts: Still creating... [03m50s elapsed]
aws_s3_bucket.artifacts: Still creating... [04m00s elapsed]
aws_s3_bucket.artifacts: Still creating... [04m10s elapsed]
aws_s3_bucket.artifacts: Still creating... [04m20s elapsed]
aws_s3_bucket.artifacts: Still creating... [04m30s elapsed]
aws_s3_bucket.artifacts: Still creating... [04m40s elapsed]
aws_s3_bucket.artifacts: Still creating... [04m50s elapsed]
aws_s3_bucket.artifacts: Still creating... [05m00s elapsed]
aws_s3_bucket.artifacts: Still creating... [05m10s elapsed]
aws_s3_bucket.artifacts: Still creating... [05m20s elapsed]
aws_s3_bucket.artifacts: Still creating... [05m30s elapsed]
aws_s3_bucket.artifacts: Still creating... [05m40s elapsed]
aws_s3_bucket.artifacts: Still creating... [05m50s elapsed]
aws_s3_bucket.artifacts: Still creating... [06m00s elapsed]
aws_s3_bucket.artifacts: Still creating... [06m10s elapsed]
aws_s3_bucket.artifacts: Still creating... [06m20s elapsed]
aws_s3_bucket.artifacts: Still creating... [06m30s elapsed]
aws_s3_bucket.artifacts: Still creating... [06m40s elapsed]
aws_s3_bucket.artifacts: Still creating... [06m50s elapsed]
aws_s3_bucket.artifacts: Still creating... [07m00s elapsed]
aws_s3_bucket.artifacts: Still creating... [07m10s elapsed]
aws_s3_bucket.artifacts: Still creating... [07m20s elapsed]
aws_s3_bucket.artifacts: Still creating... [07m30s elapsed]
aws_s3_bucket.artifacts: Still creating... [07m40s elapsed]
aws_s3_bucket.artifacts: Still creating... [07m50s elapsed]
aws_s3_bucket.artifacts: Still creating... [08m00s elapsed]
aws_s3_bucket.artifacts: Still creating... [08m10s elapsed]
aws_s3_bucket.artifacts: Still creating... [08m20s elapsed]
aws_s3_bucket.artifacts: Still creating... [08m30s elapsed]
aws_s3_bucket.artifacts: Still creating... [08m40s elapsed]
aws_s3_bucket.artifacts: Still creating... [08m50s elapsed]
aws_s3_bucket.artifacts: Still creating... [09m00s elapsed]
aws_s3_bucket.artifacts: Still creating... [09m10s elapsed]
aws_s3_bucket.artifacts: Still creating... [09m20s elapsed]
aws_s3_bucket.artifacts: Still creating... [09m30s elapsed]
aws_s3_bucket.artifacts: Still creating... [09m40s elapsed]
aws_s3_bucket.artifacts: Still creating... [09m50s elapsed]
aws_s3_bucket.artifacts: Still creating... [10m00s elapsed]
aws_s3_bucket.artifacts: Still creating... [10m10s elapsed]
aws_s3_bucket.artifacts: Still creating... [10m20s elapsed]
aws_s3_bucket.artifacts: Still creating... [10m30s elapsed]
aws_s3_bucket.artifacts: Still creating... [10m40s elapsed]
aws_s3_bucket.artifacts: Still creating... [10m50s elapsed]
aws_s3_bucket.artifacts: Still creating... [11m00s elapsed]
aws_s3_bucket.artifacts: Still creating... [11m10s elapsed]
aws_s3_bucket.artifacts: Still creating... [11m20s elapsed]
aws_s3_bucket.artifacts: Still creating... [11m30s elapsed]
aws_s3_bucket.artifacts: Still creating... [11m40s elapsed]
aws_s3_bucket.artifacts: Still creating... [11m50s elapsed]
aws_s3_bucket.artifacts: Still creating... [12m00s elapsed]
aws_s3_bucket.artifacts: Still creating... [12m10s elapsed]
aws_s3_bucket.artifacts: Still creating... [12m20s elapsed]
aws_s3_bucket.artifacts: Still creating... [12m30s elapsed]
aws_s3_bucket.artifacts: Still creating... [12m40s elapsed]
aws_s3_bucket.artifacts: Still creating... [12m50s elapsed]
aws_s3_bucket.artifacts: Still creating... [13m00s elapsed]
aws_s3_bucket.artifacts: Still creating... [13m10s elapsed]
aws_s3_bucket.artifacts: Still creating... [13m20s elapsed]
aws_s3_bucket.artifacts: Still creating... [13m30s elapsed]
aws_s3_bucket.artifacts: Still creating... [13m40s elapsed]
aws_s3_bucket.artifacts: Still creating... [13m50s elapsed]
aws_s3_bucket.artifacts: Still creating... [14m00s elapsed]
aws_s3_bucket.artifacts: Still creating... [14m10s elapsed]
aws_s3_bucket.artifacts: Still creating... [14m20s elapsed]
aws_s3_bucket.artifacts: Still creating... [14m30s elapsed]
aws_s3_bucket.artifacts: Still creating... [14m40s elapsed]
aws_s3_bucket.artifacts: Still creating... [14m50s elapsed]
aws_s3_bucket.artifacts: Still creating... [15m00s elapsed]
aws_s3_bucket.artifacts: Still creating... [15m10s elapsed]
aws_s3_bucket.artifacts: Still creating... [15m20s elapsed]
aws_s3_bucket.artifacts: Still creating... [15m30s elapsed]
aws_s3_bucket.artifacts: Still creating... [15m40s elapsed]
aws_s3_bucket.artifacts: Still creating... [15m50s elapsed]
aws_s3_bucket.artifacts: Still creating... [16m00s elapsed]
aws_s3_bucket.artifacts: Still creating... [16m10s elapsed]
aws_s3_bucket.artifacts: Still creating... [16m20s elapsed]
aws_s3_bucket.artifacts: Still creating... [16m30s elapsed]
aws_s3_bucket.artifacts: Still creating... [16m40s elapsed]
aws_s3_bucket.artifacts: Still creating... [16m50s elapsed]
aws_s3_bucket.artifacts: Still creating... [17m00s elapsed]
aws_s3_bucket.artifacts: Still creating... [17m10s elapsed]
aws_s3_bucket.artifacts: Still creating... [17m20s elapsed]
aws_s3_bucket.artifacts: Still creating... [17m30s elapsed]
aws_s3_bucket.artifacts: Still creating... [17m40s elapsed]
aws_s3_bucket.artifacts: Still creating... [17m50s elapsed]
aws_s3_bucket.artifacts: Still creating... [18m00s elapsed]
aws_s3_bucket.artifacts: Still creating... [18m10s elapsed]
aws_s3_bucket.artifacts: Still creating... [18m20s elapsed]
aws_s3_bucket.artifacts: Still creating... [18m30s elapsed]
aws_s3_bucket.artifacts: Still creating... [18m40s elapsed]
aws_s3_bucket.artifacts: Still creating... [18m50s elapsed]
aws_s3_bucket.artifacts: Still creating... [19m00s elapsed]
aws_s3_bucket.artifacts: Still creating... [19m10s elapsed]
aws_s3_bucket.artifacts: Still creating... [19m20s elapsed]
aws_s3_bucket.artifacts: Still creating... [19m30s elapsed]
aws_s3_bucket.artifacts: Still creating... [19m40s elapsed]
aws_s3_bucket.artifacts: Still creating... [19m50s elapsed]
aws_s3_bucket.artifacts: Still creating... [20m00s elapsed]
aws_s3_bucket.artifacts: Still creating... [20m10s elapsed]
aws_s3_bucket.artifacts: Still creating... [20m20s elapsed]
aws_s3_bucket.artifacts: Still creating... [20m30s elapsed]
aws_s3_bucket.artifacts: Still creating... [20m40s elapsed]
aws_s3_bucket.artifacts: Still creating... [20m50s elapsed]
aws_s3_bucket.artifacts: Still creating... [21m00s elapsed]
aws_s3_bucket.artifacts: Still creating... [21m10s elapsed]
aws_s3_bucket.artifacts: Still creating... [21m20s elapsed]
aws_s3_bucket.artifacts: Still creating... [21m30s elapsed]
aws_s3_bucket.artifacts: Still creating... [21m40s elapsed]
aws_s3_bucket.artifacts: Still creating... [21m50s elapsed]
aws_s3_bucket.artifacts: Still creating... [22m00s elapsed]
aws_s3_bucket.artifacts: Still creating... [22m10s elapsed]
aws_s3_bucket.artifacts: Still creating... [22m20s elapsed]
aws_s3_bucket.artifacts: Still creating... [22m30s elapsed]
aws_s3_bucket.artifacts: Still creating... [22m40s elapsed]
aws_s3_bucket.artifacts: Still creating... [22m50s elapsed]
aws_s3_bucket.artifacts: Still creating... [23m00s elapsed]
aws_s3_bucket.artifacts: Still creating... [23m10s elapsed]
aws_s3_bucket.artifacts: Still creating... [23m20s elapsed]
aws_s3_bucket.artifacts: Still creating... [23m30s elapsed]
aws_s3_bucket.artifacts: Still creating... [23m40s elapsed]
aws_s3_bucket.artifacts: Still creating... [23m50s elapsed]
aws_s3_bucket.artifacts: Still creating... [24m00s elapsed]
aws_s3_bucket.artifacts: Still creating... [24m10s elapsed]
aws_s3_bucket.artifacts: Still creating... [24m20s elapsed]
aws_s3_bucket.artifacts: Still creating... [24m30s elapsed]
aws_s3_bucket.artifacts: Still creating... [24m40s elapsed]
aws_s3_bucket.artifacts: Still creating... [24m50s elapsed]
aws_s3_bucket.artifacts: Still creating... [25m00s elapsed]
aws_s3_bucket.artifacts: Still creating... [25m10s elapsed]
aws_s3_bucket.artifacts: Still creating... [25m20s elapsed]
aws_s3_bucket.artifacts: Still creating... [25m30s elapsed]
aws_s3_bucket.artifacts: Still creating... [25m40s elapsed]
aws_s3_bucket.artifacts: Still creating... [25m50s elapsed]
aws_s3_bucket.artifacts: Still creating... [26m00s elapsed]
aws_s3_bucket.artifacts: Still creating... [26m10s elapsed]
aws_s3_bucket.artifacts: Still creating... [26m20s elapsed]
aws_s3_bucket.artifacts: Still creating... [26m30s elapsed]
aws_s3_bucket.artifacts: Still creating... [26m40s elapsed]
aws_s3_bucket.artifacts: Still creating... [26m50s elapsed]
aws_s3_bucket.artifacts: Still creating... [27m00s elapsed]
aws_s3_bucket.artifacts: Still creating... [27m10s elapsed]
aws_s3_bucket.artifacts: Still creating... [27m20s elapsed]
aws_s3_bucket.artifacts: Still creating... [27m30s elapsed]
aws_s3_bucket.artifacts: Still creating... [27m40s elapsed]
aws_s3_bucket.artifacts: Still creating... [27m50s elapsed]
aws_s3_bucket.artifacts: Still creating... [28m00s elapsed]
aws_s3_bucket.artifacts: Still creating... [28m10s elapsed]
aws_s3_bucket.artifacts: Still creating... [28m20s elapsed]
aws_s3_bucket.artifacts: Still creating... [28m30s elapsed]
aws_s3_bucket.artifacts: Still creating... [28m40s elapsed]
aws_s3_bucket.artifacts: Still creating... [28m50s elapsed]
aws_s3_bucket.artifacts: Still creating... [29m00s elapsed]
aws_s3_bucket.artifacts: Still creating... [29m10s elapsed]
aws_s3_bucket.artifacts: Still creating... [29m20s elapsed]
aws_s3_bucket.artifacts: Still creating... [29m30s elapsed]
aws_s3_bucket.artifacts: Still creating... [29m40s elapsed]
aws_s3_bucket.artifacts: Still creating... [29m50s elapsed]
aws_s3_bucket.artifacts: Still creating... [30m00s elapsed]
aws_s3_bucket.artifacts: Still creating... [30m10s elapsed]
aws_s3_bucket.artifacts: Still creating... [30m20s elapsed]
aws_s3_bucket.artifacts: Still creating... [30m30s elapsed]
aws_s3_bucket.artifacts: Still creating... [30m40s elapsed]
aws_s3_bucket.artifacts: Still creating... [30m50s elapsed]
aws_s3_bucket.artifacts: Still creating... [31m00s elapsed]
aws_s3_bucket.artifacts: Still creating... [31m10s elapsed]
aws_s3_bucket.artifacts: Still creating... [31m20s elapsed]
aws_s3_bucket.artifacts: Still creating... [31m30s elapsed]
aws_s3_bucket.artifacts: Still creating... [31m40s elapsed]
aws_s3_bucket.artifacts: Still creating... [31m50s elapsed]
aws_s3_bucket.artifacts: Still creating... [32m00s elapsed]
aws_s3_bucket.artifacts: Still creating... [32m10s elapsed]
aws_s3_bucket.artifacts: Still creating... [32m20s elapsed]
aws_s3_bucket.artifacts: Still creating... [32m30s elapsed]
aws_s3_bucket.artifacts: Still creating... [32m40s elapsed]
aws_s3_bucket.artifacts: Still creating... [32m50s elapsed]
aws_s3_bucket.artifacts: Still creating... [33m00s elapsed]
aws_s3_bucket.artifacts: Still creating... [33m10s elapsed]
aws_s3_bucket.artifacts: Still creating... [33m20s elapsed]
aws_s3_bucket.artifacts: Still creating... [33m30s elapsed]
aws_s3_bucket.artifacts: Still creating... [33m40s elapsed]
aws_s3_bucket.artifacts: Still creating... [33m50s elapsed]
aws_s3_bucket.artifacts: Still creating... [34m00s elapsed]
aws_s3_bucket.artifacts: Still creating... [34m10s elapsed]
aws_s3_bucket.artifacts: Still creating... [34m20s elapsed]
aws_s3_bucket.artifacts: Still creating... [34m30s elapsed]
aws_s3_bucket.artifacts: Still creating... [34m40s elapsed]
aws_s3_bucket.artifacts: Still creating... [34m50s elapsed]
aws_s3_bucket.artifacts: Still creating... [35m00s elapsed]
aws_s3_bucket.artifacts: Still creating... [35m10s elapsed]
aws_s3_bucket.artifacts: Still creating... [35m20s elapsed]
aws_s3_bucket.artifacts: Still creating... [35m30s elapsed]
aws_s3_bucket.artifacts: Still creating... [35m40s elapsed]
aws_s3_bucket.artifacts: Still creating... [35m50s elapsed]
aws_s3_bucket.artifacts: Still creating... [36m00s elapsed]
aws_s3_bucket.artifacts: Still creating... [36m10s elapsed]
aws_s3_bucket.artifacts: Still creating... [36m20s elapsed]
aws_s3_bucket.artifacts: Still creating... [36m30s elapsed]
aws_s3_bucket.artifacts: Still creating... [36m40s elapsed]
aws_s3_bucket.artifacts: Still creating... [36m50s elapsed]
aws_s3_bucket.artifacts: Still creating... [37m00s elapsed]
aws_s3_bucket.artifacts: Still creating... [37m10s elapsed]
aws_s3_bucket.artifacts: Still creating... [37m20s elapsed]
aws_s3_bucket.artifacts: Still creating... [37m30s elapsed]
aws_s3_bucket.artifacts: Still creating... [37m40s elapsed]
aws_s3_bucket.artifacts: Still creating... [37m50s elapsed]
aws_s3_bucket.artifacts: Still creating... [38m00s elapsed]
aws_s3_bucket.artifacts: Still creating... [38m10s elapsed]
aws_s3_bucket.artifacts: Still creating... [38m20s elapsed]
aws_s3_bucket.artifacts: Still creating... [38m30s elapsed]
aws_s3_bucket.artifacts: Still creating... [38m40s elapsed]
aws_s3_bucket.artifacts: Still creating... [38m50s elapsed]
aws_s3_bucket.artifacts: Still creating... [39m00s elapsed]
aws_s3_bucket.artifacts: Still creating... [39m10s elapsed]
aws_s3_bucket.artifacts: Still creating... [39m20s elapsed]
aws_s3_bucket.artifacts: Still creating... [39m30s elapsed]
aws_s3_bucket.artifacts: Still creating... [39m40s elapsed]
aws_s3_bucket.artifacts: Still creating... [39m50s elapsed]
aws_s3_bucket.artifacts: Still creating... [40m00s elapsed]
aws_s3_bucket.artifacts: Still creating... [40m10s elapsed]
aws_s3_bucket.artifacts: Still creating... [40m20s elapsed]
aws_s3_bucket.artifacts: Still creating... [40m30s elapsed]
aws_s3_bucket.artifacts: Still creating... [40m40s elapsed]
aws_s3_bucket.artifacts: Still creating... [40m50s elapsed]
aws_s3_bucket.artifacts: Still creating... [41m00s elapsed]
aws_s3_bucket.artifacts: Still creating... [41m10s elapsed]
aws_s3_bucket.artifacts: Still creating... [41m20s elapsed]
aws_s3_bucket.artifacts: Still creating... [41m30s elapsed]
aws_s3_bucket.artifacts: Still creating... [41m40s elapsed]
aws_s3_bucket.artifacts: Still creating... [41m50s elapsed]
aws_s3_bucket.artifacts: Still creating... [42m00s elapsed]
aws_s3_bucket.artifacts: Still creating... [42m10s elapsed]
aws_s3_bucket.artifacts: Still creating... [42m20s elapsed]
aws_s3_bucket.artifacts: Still creating... [42m30s elapsed]
aws_s3_bucket.artifacts: Still creating... [42m40s elapsed]
aws_s3_bucket.artifacts: Still creating... [42m50s elapsed]
aws_s3_bucket.artifacts: Still creating... [43m00s elapsed]
aws_s3_bucket.artifacts: Still creating... [43m10s elapsed]
aws_s3_bucket.artifacts: Still creating... [43m20s elapsed]
aws_s3_bucket.artifacts: Still creating... [43m30s elapsed]
aws_s3_bucket.artifacts: Still creating... [43m40s elapsed]
aws_s3_bucket.artifacts: Still creating... [43m50s elapsed]
aws_s3_bucket.artifacts: Still creating... [44m00s elapsed]
aws_s3_bucket.artifacts: Still creating... [44m10s elapsed]
aws_s3_bucket.artifacts: Still creating... [44m20s elapsed]
aws_s3_bucket.artifacts: Still creating... [44m30s elapsed]
aws_s3_bucket.artifacts: Still creating... [44m40s elapsed]
aws_s3_bucket.artifacts: Still creating... [44m50s elapsed]
aws_s3_bucket.artifacts: Still creating... [45m00s elapsed]
aws_s3_bucket.artifacts: Still creating... [45m10s elapsed]
aws_s3_bucket.artifacts: Still creating... [45m20s elapsed]
aws_s3_bucket.artifacts: Still creating... [45m30s elapsed]
aws_s3_bucket.artifacts: Still creating... [45m40s elapsed]
aws_s3_bucket.artifacts: Still creating... [45m50s elapsed]
aws_s3_bucket.artifacts: Still creating... [46m00s elapsed]
aws_s3_bucket.artifacts: Still creating... [46m10s elapsed]
aws_s3_bucket.artifacts: Still creating... [46m20s elapsed]
aws_s3_bucket.artifacts: Still creating... [46m30s elapsed]
aws_s3_bucket.artifacts: Still creating... [46m40s elapsed]
aws_s3_bucket.artifacts: Still creating... [46m50s elapsed]
aws_s3_bucket.artifacts: Still creating... [47m00s elapsed]
aws_s3_bucket.artifacts: Still creating... [47m10s elapsed]
aws_s3_bucket.artifacts: Still creating... [47m20s elapsed]
aws_s3_bucket.artifacts: Still creating... [47m30s elapsed]
aws_s3_bucket.artifacts: Still creating... [47m40s elapsed]
aws_s3_bucket.artifacts: Still creating... [47m50s elapsed]
aws_s3_bucket.artifacts: Still creating... [48m00s elapsed]
aws_s3_bucket.artifacts: Still creating... [48m10s elapsed]
aws_s3_bucket.artifacts: Still creating... [48m20s elapsed]
aws_s3_bucket.artifacts: Still creating... [48m30s elapsed]
aws_s3_bucket.artifacts: Still creating... [48m40s elapsed]
aws_s3_bucket.artifacts: Still creating... [48m50s elapsed]
aws_s3_bucket.artifacts: Still creating... [49m00s elapsed]
aws_s3_bucket.artifacts: Still creating... [49m10s elapsed]
aws_s3_bucket.artifacts: Still creating... [49m20s elapsed]
aws_s3_bucket.artifacts: Still creating... [49m30s elapsed]
aws_s3_bucket.artifacts: Still creating... [49m40s elapsed]
aws_s3_bucket.artifacts: Still creating... [49m50s elapsed]
aws_s3_bucket.artifacts: Still creating... [50m00s elapsed]
aws_s3_bucket.artifacts: Still creating... [50m10s elapsed]
aws_s3_bucket.artifacts: Still creating... [50m20s elapsed]
aws_s3_bucket.artifacts: Still creating... [50m30s elapsed]
aws_s3_bucket.artifacts: Still creating... [50m40s elapsed]
aws_s3_bucket.artifacts: Still creating... [50m50s elapsed]
aws_s3_bucket.artifacts: Still creating... [51m00s elapsed]
aws_s3_bucket.artifacts: Still creating... [51m10s elapsed]
aws_s3_bucket.artifacts: Still creating... [51m20s elapsed]
aws_s3_bucket.artifacts: Still creating... [51m30s elapsed]
aws_s3_bucket.artifacts: Still creating... [51m40s elapsed]
aws_s3_bucket.artifacts: Still creating... [51m50s elapsed]
aws_s3_bucket.artifacts: Still creating... [52m00s elapsed]
aws_s3_bucket.artifacts: Still creating... [52m10s elapsed]
aws_s3_bucket.artifacts: Still creating... [52m20s elapsed]
aws_s3_bucket.artifacts: Still creating... [52m30s elapsed]
aws_s3_bucket.artifacts: Still creating... [52m40s elapsed]
aws_s3_bucket.artifacts: Still creating... [52m50s elapsed]
aws_s3_bucket.artifacts: Still creating... [53m00s elapsed]
aws_s3_bucket.artifacts: Still creating... [53m10s elapsed]
aws_s3_bucket.artifacts: Still creating... [53m20s elapsed]
aws_s3_bucket.artifacts: Still creating... [53m30s elapsed]
aws_s3_bucket.artifacts: Still creating... [53m40s elapsed]
aws_s3_bucket.artifacts: Still creating... [53m50s elapsed]
aws_s3_bucket.artifacts: Still creating... [54m00s elapsed]
aws_s3_bucket.artifacts: Still creating... [54m10s elapsed]
aws_s3_bucket.artifacts: Still creating... [54m20s elapsed]
aws_s3_bucket.artifacts: Still creating... [54m30s elapsed]
aws_s3_bucket.artifacts: Still creating... [54m40s elapsed]
aws_s3_bucket.artifacts: Still creating... [54m50s elapsed]
aws_s3_bucket.artifacts: Still creating... [55m00s elapsed]
aws_s3_bucket.artifacts: Still creating... [55m10s elapsed]
aws_s3_bucket.artifacts: Still creating... [55m20s elapsed]
aws_s3_bucket.artifacts: Still creating... [55m30s elapsed]
aws_s3_bucket.artifacts: Still creating... [55m40s elapsed]
aws_s3_bucket.artifacts: Still creating... [55m50s elapsed]
aws_s3_bucket.artifacts: Still creating... [56m00s elapsed]
aws_s3_bucket.artifacts: Still creating... [56m10s elapsed]
aws_s3_bucket.artifacts: Still creating... [56m20s elapsed]
aws_s3_bucket.artifacts: Still creating... [56m30s elapsed]
aws_s3_bucket.artifacts: Still creating... [56m40s elapsed]
aws_s3_bucket.artifacts: Still creating... [56m50s elapsed]
aws_s3_bucket.artifacts: Still creating... [57m00s elapsed]
aws_s3_bucket.artifacts: Still creating... [57m10s elapsed]
aws_s3_bucket.artifacts: Still creating... [57m20s elapsed]
aws_s3_bucket.artifacts: Still creating... [57m30s elapsed]
aws_s3_bucket.artifacts: Still creating... [57m40s elapsed]
aws_s3_bucket.artifacts: Still creating... [57m50s elapsed]
aws_s3_bucket.artifacts: Still creating... [58m00s elapsed]
aws_s3_bucket.artifacts: Still creating... [58m10s elapsed]
aws_s3_bucket.artifacts: Still creating... [58m20s elapsed]
aws_s3_bucket.artifacts: Still creating... [58m30s elapsed]
aws_s3_bucket.artifacts: Still creating... [58m40s elapsed]
aws_s3_bucket.artifacts: Still creating... [58m50s elapsed]
aws_s3_bucket.artifacts: Still creating... [59m00s elapsed]
aws_s3_bucket.artifacts: Still creating... [59m10s elapsed]
aws_s3_bucket.artifacts: Still creating... [59m20s elapsed]
aws_s3_bucket.artifacts: Still creating... [59m30s elapsed]
aws_s3_bucket.artifacts: Still creating... [59m40s elapsed]
aws_s3_bucket.artifacts: Still creating... [59m50s elapsed]
aws_s3_bucket.artifacts: Still creating... [60m00s elapsed]
aws_s3_bucket.artifacts: Still creating... [60m10s elapsed]
aws_s3_bucket.artifacts: Still creating... [60m20s elapsed]
aws_s3_bucket.artifacts: Still creating... [60m30s elapsed]
aws_s3_bucket.artifacts: Still creating... [60m40s elapsed]
aws_s3_bucket.artifacts: Still creating... [60m50s elapsed]
aws_s3_bucket.artifacts: Still creating... [61m00s elapsed]
aws_s3_bucket.artifacts: Still creating... [61m10s elapsed]
aws_s3_bucket.artifacts: Still creating... [61m20s elapsed]
aws_s3_bucket.artifacts: Still creating... [61m30s elapsed]
aws_s3_bucket.artifacts: Still creating... [61m40s elapsed]
aws_s3_bucket.artifacts: Still creating... [61m50s elapsed]
aws_s3_bucket.artifacts: Still creating... [62m00s elapsed]
aws_s3_bucket.artifacts: Still creating... [62m10s elapsed]
aws_s3_bucket.artifacts: Still creating... [62m20s elapsed]
aws_s3_bucket.artifacts: Still creating... [62m30s elapsed]
aws_s3_bucket.artifacts: Still creating... [62m40s elapsed]
aws_s3_bucket.artifacts: Still creating... [62m50s elapsed]
aws_s3_bucket.artifacts: Still creating... [63m00s elapsed]
aws_s3_bucket.artifacts: Still creating... [63m10s elapsed]
aws_s3_bucket.artifacts: Still creating... [63m20s elapsed]
aws_s3_bucket.artifacts: Still creating... [63m30s elapsed]
aws_s3_bucket.artifacts: Still creating... [63m40s elapsed]
aws_s3_bucket.artifacts: Still creating... [63m51s elapsed]
aws_s3_bucket.artifacts: Still creating... [64m01s elapsed]
aws_s3_bucket.artifacts: Still creating... [64m11s elapsed]
aws_s3_bucket.artifacts: Still creating... [64m21s elapsed]
aws_s3_bucket.artifacts: Still creating... [64m31s elapsed]
aws_s3_bucket.artifacts: Still creating... [64m41s elapsed]
aws_s3_bucket.artifacts: Still creating... [64m51s elapsed]
aws_s3_bucket.artifacts: Still creating... [65m01s elapsed]
aws_s3_bucket.artifacts: Still creating... [65m11s elapsed]
aws_s3_bucket.artifacts: Still creating... [65m21s elapsed]
aws_s3_bucket.artifacts: Still creating... [65m31s elapsed]
aws_s3_bucket.artifacts: Still creating... [65m41s elapsed]
aws_s3_bucket.artifacts: Still creating... [65m51s elapsed]
aws_s3_bucket.artifacts: Still creating... [66m01s elapsed]
aws_s3_bucket.artifacts: Still creating... [66m11s elapsed]
aws_s3_bucket.artifacts: Still creating... [66m21s elapsed]
aws_s3_bucket.artifacts: Still creating... [66m31s elapsed]
aws_s3_bucket.artifacts: Still creating... [66m41s elapsed]
aws_s3_bucket.artifacts: Still creating... [66m51s elapsed]
aws_s3_bucket.artifacts: Still creating... [67m01s elapsed]
aws_s3_bucket.artifacts: Still creating... [67m11s elapsed]
aws_s3_bucket.artifacts: Still creating... [67m21s elapsed]
aws_s3_bucket.artifacts: Still creating... [67m31s elapsed]
aws_s3_bucket.artifacts: Still creating... [67m41s elapsed]
aws_s3_bucket.artifacts: Still creating... [67m51s elapsed]
aws_s3_bucket.artifacts: Still creating... [68m01s elapsed]
aws_s3_bucket.artifacts: Still creating... [68m11s elapsed]
aws_s3_bucket.artifacts: Still creating... [68m21s elapsed]
aws_s3_bucket.artifacts: Still creating... [68m31s elapsed]
aws_s3_bucket.artifacts: Still creating... [68m41s elapsed]
aws_s3_bucket.artifacts: Still creating... [68m51s elapsed]
aws_s3_bucket.artifacts: Still creating... [69m01s elapsed]
aws_s3_bucket.artifacts: Still creating... [69m11s elapsed]
aws_s3_bucket.artifacts: Still creating... [69m21s elapsed]
aws_s3_bucket.artifacts: Still creating... [69m31s elapsed]
aws_s3_bucket.artifacts: Still creating... [69m41s elapsed]
aws_s3_bucket.artifacts: Still creating... [69m51s elapsed]
aws_s3_bucket.artifacts: Still creating... [70m01s elapsed]
aws_s3_bucket.artifacts: Still creating... [70m11s elapsed]
aws_s3_bucket.artifacts: Still creating... [70m21s elapsed]
aws_s3_bucket.artifacts: Still creating... [70m31s elapsed]
aws_s3_bucket.artifacts: Still creating... [70m41s elapsed]
aws_s3_bucket.artifacts: Still creating... [70m51s elapsed]
aws_s3_bucket.artifacts: Still creating... [71m01s elapsed]
aws_s3_bucket.artifacts: Still creating... [71m11s elapsed]
aws_s3_bucket.artifacts: Still creating... [71m21s elapsed]
aws_s3_bucket.artifacts: Still creating... [71m31s elapsed]
aws_s3_bucket.artifacts: Still creating... [71m41s elapsed]
aws_s3_bucket.artifacts: Still creating... [71m51s elapsed]
aws_s3_bucket.artifacts: Still creating... [72m01s elapsed]
aws_s3_bucket.artifacts: Still creating... [72m11s elapsed]
aws_s3_bucket.artifacts: Still creating... [72m21s elapsed]
aws_s3_bucket.artifacts: Still creating... [72m31s elapsed]
aws_s3_bucket.artifacts: Still creating... [72m41s elapsed]
aws_s3_bucket.artifacts: Still creating... [72m51s elapsed]
aws_s3_bucket.artifacts: Still creating... [73m01s elapsed]
aws_s3_bucket.artifacts: Still creating... [73m11s elapsed]
aws_s3_bucket.artifacts: Still creating... [73m21s elapsed]
aws_s3_bucket.artifacts: Still creating... [73m31s elapsed]
aws_s3_bucket.artifacts: Still creating... [73m41s elapsed]
aws_s3_bucket.artifacts: Still creating... [73m51s elapsed]
aws_s3_bucket.artifacts: Still creating... [74m01s elapsed]
aws_s3_bucket.artifacts: Still creating... [74m11s elapsed]
aws_s3_bucket.artifacts: Still creating... [74m21s elapsed]
aws_s3_bucket.artifacts: Still creating... [74m31s elapsed]
aws_s3_bucket.artifacts: Still creating... [74m41s elapsed]
aws_s3_bucket.artifacts: Still creating... [74m51s elapsed]
aws_s3_bucket.artifacts: Still creating... [75m01s elapsed]
aws_s3_bucket.artifacts: Still creating... [75m11s elapsed]
aws_s3_bucket.artifacts: Still creating... [75m21s elapsed]
aws_s3_bucket.artifacts: Still creating... [75m31s elapsed]
aws_s3_bucket.artifacts: Still creating... [75m41s elapsed]
aws_s3_bucket.artifacts: Still creating... [75m51s elapsed]
aws_s3_bucket.artifacts: Still creating... [76m01s elapsed]
aws_s3_bucket.artifacts: Still creating... [76m11s elapsed]
aws_s3_bucket.artifacts: Still creating... [76m21s elapsed]
aws_s3_bucket.artifacts: Still creating... [76m31s elapsed]
aws_s3_bucket.artifacts: Still creating... [76m41s elapsed]
aws_s3_bucket.artifacts: Still creating... [76m51s elapsed]
aws_s3_bucket.artifacts: Still creating... [77m01s elapsed]
aws_s3_bucket.artifacts: Still creating... [77m11s elapsed]
aws_s3_bucket.artifacts: Still creating... [77m21s elapsed]
aws_s3_bucket.artifacts: Still creating... [77m31s elapsed]
aws_s3_bucket.artifacts: Still creating... [77m41s elapsed]
aws_s3_bucket.artifacts: Still creating... [77m51s elapsed]
aws_s3_bucket.artifacts: Still creating... [78m01s elapsed]
aws_s3_bucket.artifacts: Still creating... [78m11s elapsed]
aws_s3_bucket.artifacts: Still creating... [78m21s elapsed]
aws_s3_bucket.artifacts: Still creating... [78m31s elapsed]
aws_s3_bucket.artifacts: Still creating... [78m41s elapsed]
aws_s3_bucket.artifacts: Still creating... [78m51s elapsed]
aws_s3_bucket.artifacts: Still creating... [79m01s elapsed]
aws_s3_bucket.artifacts: Still creating... [79m11s elapsed]
aws_s3_bucket.artifacts: Still creating... [79m21s elapsed]
aws_s3_bucket.artifacts: Still creating... [79m31s elapsed]
aws_s3_bucket.artifacts: Still creating... [79m41s elapsed]
aws_s3_bucket.artifacts: Still creating... [79m51s elapsed]
aws_s3_bucket.artifacts: Still creating... [80m01s elapsed]
aws_s3_bucket.artifacts: Still creating... [80m11s elapsed]
aws_s3_bucket.artifacts: Still creating... [80m21s elapsed]
aws_s3_bucket.artifacts: Still creating... [80m31s elapsed]
aws_s3_bucket.artifacts: Still creating... [80m41s elapsed]
aws_s3_bucket.artifacts: Still creating... [80m51s elapsed]
aws_s3_bucket.artifacts: Still creating... [81m01s elapsed]
aws_s3_bucket.artifacts: Still creating... [81m11s elapsed]
aws_s3_bucket.artifacts: Still creating... [81m21s elapsed]
aws_s3_bucket.artifacts: Still creating... [81m31s elapsed]
aws_s3_bucket.artifacts: Still creating... [81m41s elapsed]
aws_s3_bucket.artifacts: Still creating... [81m51s elapsed]
aws_s3_bucket.artifacts: Still creating... [82m01s elapsed]
aws_s3_bucket.artifacts: Still creating... [82m11s elapsed]
aws_s3_bucket.artifacts: Still creating... [82m21s elapsed]
aws_s3_bucket.artifacts: Still creating... [82m31s elapsed]
aws_s3_bucket.artifacts: Still creating... [82m41s elapsed]
aws_s3_bucket.artifacts: Still creating... [82m51s elapsed]
aws_s3_bucket.artifacts: Still creating... [83m01s elapsed]
aws_s3_bucket.artifacts: Still creating... [83m11s elapsed]
aws_s3_bucket.artifacts: Still creating... [83m21s elapsed]
aws_s3_bucket.artifacts: Still creating... [83m31s elapsed]
aws_s3_bucket.artifacts: Still creating... [83m41s elapsed]
aws_s3_bucket.artifacts: Still creating... [83m51s elapsed]
aws_s3_bucket.artifacts: Still creating... [84m01s elapsed]
aws_s3_bucket.artifacts: Still creating... [84m11s elapsed]
aws_s3_bucket.artifacts: Still creating... [84m21s elapsed]
aws_s3_bucket.artifacts: Still creating... [84m31s elapsed]
aws_s3_bucket.artifacts: Still creating... [84m41s elapsed]
aws_s3_bucket.artifacts: Still creating... [84m51s elapsed]
aws_s3_bucket.artifacts: Still creating... [85m01s elapsed]
aws_s3_bucket.artifacts: Still creating... [85m11s elapsed]
aws_s3_bucket.artifacts: Still creating... [85m21s elapsed]
aws_s3_bucket.artifacts: Still creating... [85m31s elapsed]
aws_s3_bucket.artifacts: Still creating... [85m41s elapsed]
aws_s3_bucket.artifacts: Still creating... [85m51s elapsed]
aws_s3_bucket.artifacts: Still creating... [86m01s elapsed]
aws_s3_bucket.artifacts: Still creating... [86m11s elapsed]
aws_s3_bucket.artifacts: Still creating... [86m21s elapsed]
aws_s3_bucket.artifacts: Still creating... [86m31s elapsed]
aws_s3_bucket.artifacts: Still creating... [86m41s elapsed]
aws_s3_bucket.artifacts: Still creating... [86m51s elapsed]
aws_s3_bucket.artifacts: Still creating... [87m01s elapsed]
aws_s3_bucket.artifacts: Still creating... [87m11s elapsed]
aws_s3_bucket.artifacts: Still creating... [87m21s elapsed]
aws_s3_bucket.artifacts: Still creating... [87m31s elapsed]
aws_s3_bucket.artifacts: Still creating... [87m41s elapsed]
aws_s3_bucket.artifacts: Still creating... [87m51s elapsed]
aws_s3_bucket.artifacts: Still creating... [88m01s elapsed]
aws_s3_bucket.artifacts: Still creating... [88m11s elapsed]
aws_s3_bucket.artifacts: Still creating... [88m21s elapsed]
aws_s3_bucket.artifacts: Still creating... [88m31s elapsed]
aws_s3_bucket.artifacts: Still creating... [88m41s elapsed]
aws_s3_bucket.artifacts: Still creating... [88m51s elapsed]
aws_s3_bucket.artifacts: Still creating... [89m01s elapsed]
aws_s3_bucket.artifacts: Still creating... [89m11s elapsed]
aws_s3_bucket.artifacts: Still creating... [89m21s elapsed]
aws_s3_bucket.artifacts: Still creating... [89m31s elapsed]
