data.archive_file.lambda_dummy: Reading...
data.archive_file.lambda_dummy: Read complete after 0s [id=58e93fade67637870be5af38eff8d5aa66c7da49]

Terraform used the selected providers to generate the following execution
plan. Resource actions are indicated with the following symbols:
  + create

Terraform will perform the following actions:

  # aws_api_gateway_deployment.this will be created
  + resource "aws_api_gateway_deployment" "this" {
      + created_date = (known after apply)
      + id           = (known after apply)
      + region       = "us-east-1"
      + rest_api_id  = (known after apply)
      + triggers     = (known after apply)
    }

  # aws_api_gateway_integration.product_any will be created
  + resource "aws_api_gateway_integration" "product_any" {
      + cache_namespace         = (known after apply)
      + connection_type         = "INTERNET"
      + http_method             = "ANY"
      + id                      = (known after apply)
      + integration_http_method = "POST"
      + passthrough_behavior    = (known after apply)
      + region                  = "us-east-1"
      + resource_id             = (known after apply)
      + response_transfer_mode  = (known after apply)
      + rest_api_id             = (known after apply)
      + timeout_milliseconds    = 29000
      + type                    = "AWS_PROXY"
      + uri                     = (known after apply)
    }

  # aws_api_gateway_method.product_any will be created
  + resource "aws_api_gateway_method" "product_any" {
      + api_key_required = false
      + authorization    = "NONE"
      + http_method      = "ANY"
      + id               = (known after apply)
      + region           = "us-east-1"
      + resource_id      = (known after apply)
      + rest_api_id      = (known after apply)
    }

  # aws_api_gateway_method_settings.all will be created
  + resource "aws_api_gateway_method_settings" "all" {
      + id          = (known after apply)
      + method_path = "*/*"
      + region      = "us-east-1"
      + rest_api_id = (known after apply)
      + stage_name  = "dev"

      + settings {
          + cache_data_encrypted                       = (known after apply)
          + cache_ttl_in_seconds                       = (known after apply)
          + caching_enabled                            = (known after apply)
          + data_trace_enabled                         = false
          + logging_level                              = "INFO"
          + metrics_enabled                            = true
          + require_authorization_for_cache_control    = (known after apply)
          + throttling_burst_limit                     = -1
          + throttling_rate_limit                      = -1
          + unauthorized_cache_control_header_strategy = (known after apply)
        }
    }

  # aws_api_gateway_resource.product_api will be created
  + resource "aws_api_gateway_resource" "product_api" {
      + id          = (known after apply)
      + parent_id   = (known after apply)
      + path        = (known after apply)
      + path_part   = "productApi"
      + region      = "us-east-1"
      + rest_api_id = (known after apply)
    }

  # aws_api_gateway_rest_api.this will be created
  + resource "aws_api_gateway_rest_api" "this" {
      + api_key_source               = (known after apply)
      + arn                          = (known after apply)
      + binary_media_types           = (known after apply)
      + created_date                 = (known after apply)
      + description                  = (known after apply)
      + disable_execute_api_endpoint = (known after apply)
      + execution_arn                = (known after apply)
      + id                           = (known after apply)
      + minimum_compression_size     = (known after apply)
      + name                         = "product-api-dev-rest"
      + policy                       = (known after apply)
      + region                       = "us-east-1"
      + root_resource_id             = (known after apply)
      + tags_all                     = {
          + "Environment" = "dev"
          + "ManagedBy"   = "terraform"
          + "Project"     = "product-api"
        }

      + endpoint_configuration {
          + ip_address_type  = (known after apply)
          + types            = [
              + "REGIONAL",
            ]
          + vpc_endpoint_ids = (known after apply)
        }
    }

  # aws_api_gateway_stage.this will be created
  + resource "aws_api_gateway_stage" "this" {
      + arn                  = (known after apply)
      + deployment_id        = (known after apply)
      + execution_arn        = (known after apply)
      + id                   = (known after apply)
      + invoke_url           = (known after apply)
      + region               = "us-east-1"
      + rest_api_id          = (known after apply)
      + stage_name           = "dev"
      + tags_all             = {
          + "Environment" = "dev"
          + "ManagedBy"   = "terraform"
          + "Project"     = "product-api"
        }
      + web_acl_arn          = (known after apply)
      + xray_tracing_enabled = false

      + access_log_settings {
          + destination_arn = (known after apply)
          + format          = jsonencode(
                {
                  + httpMethod     = "$context.httpMethod"
                  + integrationErr = "$context.integrationErrorMessage"
                  + ip             = "$context.identity.sourceIp"
                  + protocol       = "$context.protocol"
                  + requestId      = "$context.requestId"
                  + requestTime    = "$context.requestTime"
                  + resourcePath   = "$context.resourcePath"
                  + responseLength = "$context.responseLength"
                  + status         = "$context.status"
                }
            )
        }
    }

  # aws_cloudwatch_log_group.apigw_access will be created
  + resource "aws_cloudwatch_log_group" "apigw_access" {
      + arn                         = (known after apply)
      + deletion_protection_enabled = (known after apply)
      + id                          = (known after apply)
      + log_group_class             = (known after apply)
      + name                        = "/aws/apigateway/product-api-dev"
      + name_prefix                 = (known after apply)
      + region                      = "us-east-1"
      + retention_in_days           = 14
      + skip_destroy                = false
      + tags_all                    = {
          + "Environment" = "dev"
          + "ManagedBy"   = "terraform"
          + "Project"     = "product-api"
        }
    }

  # aws_cloudwatch_log_group.lambda will be created
  + resource "aws_cloudwatch_log_group" "lambda" {
      + arn                         = (known after apply)
      + deletion_protection_enabled = (known after apply)
      + id                          = (known after apply)
      + log_group_class             = (known after apply)
      + name                        = "/aws/lambda/product-lambda"
      + name_prefix                 = (known after apply)
      + region                      = "us-east-1"
      + retention_in_days           = 14
      + skip_destroy                = false
      + tags_all                    = {
          + "Environment" = "dev"
          + "ManagedBy"   = "terraform"
          + "Project"     = "product-api"
        }
    }

  # aws_iam_role.lambda_exec will be created
  + resource "aws_iam_role" "lambda_exec" {
      + arn                   = (known after apply)
      + assume_role_policy    = jsonencode(
            {
              + Statement = [
                  + {
                      + Action    = "sts:AssumeRole"
                      + Effect    = "Allow"
                      + Principal = {
                          + Service = "lambda.amazonaws.com"
                        }
                    },
                ]
              + Version   = "2012-10-17"
            }
        )
      + create_date           = (known after apply)
      + force_detach_policies = false
      + id                    = (known after apply)
      + managed_policy_arns   = (known after apply)
      + max_session_duration  = 3600
      + name                  = "product-api-dev-lambda-exec"
      + name_prefix           = (known after apply)
      + path                  = "/"
      + tags_all              = {
          + "Environment" = "dev"
          + "ManagedBy"   = "terraform"
          + "Project"     = "product-api"
        }
      + unique_id             = (known after apply)

      + inline_policy (known after apply)
    }

  # aws_iam_role_policy_attachment.lambda_basic will be created
  + resource "aws_iam_role_policy_attachment" "lambda_basic" {
      + id         = (known after apply)
      + policy_arn = "arn:aws:iam::aws:policy/service-role/AWSLambdaBasicExecutionRole"
      + role       = "product-api-dev-lambda-exec"
    }

  # aws_lambda_function.product will be created
  + resource "aws_lambda_function" "product" {
      + architectures                  = (known after apply)
      + arn                            = (known after apply)
      + code_sha256                    = (known after apply)
      + filename                       = "../.dummy/lambda.zip"
      + function_name                  = "product-lambda"
      + handler                        = "example.Handler::handleRequest"
      + id                             = (known after apply)
      + invoke_arn                     = (known after apply)
      + last_modified                  = (known after apply)
      + memory_size                    = 512
      + package_type                   = "Zip"
      + publish                        = false
      + qualified_arn                  = (known after apply)
      + qualified_invoke_arn           = (known after apply)
      + region                         = "us-east-1"
      + reserved_concurrent_executions = -1
      + response_streaming_invoke_arn  = (known after apply)
      + role                           = (known after apply)
      + runtime                        = "java17"
      + signing_job_arn                = (known after apply)
      + signing_profile_version_arn    = (known after apply)
      + skip_destroy                   = false
      + source_code_hash               = "wmbalFzzY/wG3ivChKElOZB3+B4gptmQyIat05p+fU4="
      + source_code_size               = (known after apply)
      + tags_all                       = {
          + "Environment" = "dev"
          + "ManagedBy"   = "terraform"
          + "Project"     = "product-api"
        }
      + timeout                        = 10
      + version                        = (known after apply)

      + ephemeral_storage (known after apply)

      + logging_config (known after apply)

      + tracing_config (known after apply)
    }

  # aws_lambda_permission.apigw_invoke will be created
  + resource "aws_lambda_permission" "apigw_invoke" {
      + action              = "lambda:InvokeFunction"
      + function_name       = "product-lambda"
      + id                  = (known after apply)
      + principal           = "apigateway.amazonaws.com"
      + region              = "us-east-1"
      + source_arn          = (known after apply)
      + statement_id        = "AllowExecutionFromAPIGateway"
      + statement_id_prefix = (known after apply)
    }

Plan: 13 to add, 0 to change, 0 to destroy.

Changes to Outputs:
  + invoke_url    = (known after apply)
  + rest_api_id   = (known after apply)
