{"format_version":"1.2","terraform_version":"1.13.5","variables":{"aws_region":{"value":"us-east-1"},"enable_api_key":{"value":false},"lambda_artifact_path":{"value":"../.dummy/lambda.zip"},"lambda_function_name":{"value":"product-lambda"},"lambda_handler":{"value":"example.Handler::handleRequest"},"lambda_memory_size":{"value":512},"lambda_runtime":{"value":"java17"},"lambda_timeout":{"value":10},"project_name":{"value":"product-api"},"stage_name":{"value":"dev"}},"planned_values":{"outputs":{"api_key_value":{"sensitive":true,"type":"dynamic","value":null},"invoke_url":{"sensitive":false},"rest_api_id":{"sensitive":false}},"root_module":{"resources":[{"address":"aws_api_gateway_deployment.this","mode":"managed","type":"aws_api_gateway_deployment","name":"this","provider_name":"registry.terraform.io/hashicorp/aws","schema_version":0,"values":{"description":null,"region":"us-east-1","variables":null},"sensitive_values":{"triggers":{}}},{"address":"aws_api_gateway_integration.product_any","mode":"managed","type":"aws_api_gateway_integration","name":"product_any","provider_name":"registry.terraform.io/hashicorp/aws","schema_version":0,"values":{"cache_key_parameters":null,"connection_id":null,"connection_type":"INTERNET","content_handling":null,"credentials":null,"http_method":"ANY","integration_http_method":"POST","integration_target":null,"region":"us-east-1","request_parameters":null,"request_templates":null,"timeout_milliseconds":29000,"tls_config":[],"type":"AWS_PROXY"},"sensitive_values":{"tls_config":[]}},{"address":"aws_api_gateway_method.product_any","mode":"managed","type":"aws_api_gateway_method","name":"product_any","provider_name":"registry.terraform.io/hashicorp/aws","schema_version":0,"values":{"api_key_required":false,"authorization":"NONE","authorization_scopes":null,"authorizer_id":null,"http_method":"ANY","operation_name":null,"region":"us-east-1","request_models":null,"request_parameters":null,"request_validator_id":null},"sensitive_values":{}},{"address":"aws_api_gateway_method_settings.all","mode":"managed","type":"aws_api_gateway_method_settings","name":"all","provider_name":"registry.terraform.io/hashicorp/aws","schema_version":0,"values":{"method_path":"*/*","region":"us-east-1","settings":[{"data_trace_enabled":false,"logging_level":"INFO","metrics_enabled":true,"throttling_burst_limit":-1,"throttling_rate_limit":-1}],"stage_name":"dev"},"sensitive_values":{"settings":[{}]}},{"address":"aws_api_gateway_resource.product_api","mode":"managed","type":"aws_api_gateway_resource","name":"product_api","provider_name":"registry.terraform.io/hashicorp/aws","schema_version":0,"values":{"path_part":"productApi","region":"us-east-1"},"sensitive_values":{}},{"address":"aws_api_gateway_rest_api.this","mode":"managed","type":"aws_api_gateway_rest_api","name":"this","provider_name":"registry.terraform.io/hashicorp/aws","schema_version":0,"values":{"body":null,"endpoint_configuration":[{"types":["REGIONAL"]}],"fail_on_warnings":null,"name":"product-api-dev-rest","parameters":null,"put_rest_api_mode":null,"region":"us-east-1","tags":null,"tags_all":{"Environment":"dev","ManagedBy":"terraform","Project":"product-api"}},"sensitive_values":{"binary_media_types":[],"endpoint_configuration":[{"types":[false],"vpc_endpoint_ids":[]}],"tags_all":{}}},{"address":"aws_api_gateway_stage.this","mode":"managed","type":"aws_api_gateway_stage","name":"this","provider_name":"registry.terraform.io/hashicorp/aws","schema_version":0,"values":{"access_log_settings":[{"format":"{\"httpMethod\":\"$context.httpMethod\",\"integrationErr\":\"$context.integrationErrorMessage\",\"ip\":\"$context.identity.sourceIp\",\"protocol\":\"$context.protocol\",\"requestId\":\"$context.requestId\",\"requestTime\":\"$context.requestTime\",\"resourcePath\":\"$context.resourcePath\",\"responseLength\":\"$context.responseLength\",\"status\":\"$context.status\"}"}],"cache_cluster_enabled":null,"cache_cluster_size":null,"canary_settings":[],"client_certificate_id":null,"description":null,"documentation_version":null,"region":"us-east-1","stage_name":"dev","tags":null,"tags_all":{"Environment":"dev","ManagedBy":"terraform","Project":"product-api"},"variables":null,"xray_tracing_enabled":false},"sensitive_values":{"access_log_settings":[{}],"canary_settings":[],"tags_all":{}}},{"address":"aws_cloudwatch_log_group.apigw_access","mode":"managed","type":"aws_cloudwatch_log_group","name":"apigw_access","provider_name":"registry.terraform.io/hashicorp/aws","schema_version":0,"values":{"kms_key_id":null,"name":"/aws/apigateway/product-api-dev","region":"us-east-1","retention_in_days":14,"skip_destroy":false,"tags":null,"tags_all":{"Environment":"dev","ManagedBy":"terraform","Project":"product-api"}},"sensitive_values":{"tags_all":{}},"identity_schema_version":0,"identity":{"account_id":null,"name":null,"region":null}},{"address":"aws_cloudwatch_log_group.lambda","mode":"managed","type":"aws_cloudwatch_log_group","name":"lambda","provider_name":"registry.terraform.io/hashicorp/aws","schema_version":0,"values":{"kms_key_id":null,"name":"/aws/lambda/product-lambda","region":"us-east-1","retention_in_days":14,"skip_destroy":false,"tags":null,"tags_all":{"Environment":"dev","ManagedBy":"terraform","Project":"product-api"}},"sensitive_values":{"tags_all":{}},"identity_schema_version":0,"identity":{"account_id":null,"name":null,"region":null}},{"address":"aws_iam_role.lambda_exec","mode":"managed","type":"aws_iam_role","name":"lambda_exec","provider_name":"registry.terraform.io/hashicorp/aws","schema_version":0,"values":{"assume_role_policy":"{\"Statement\":[{\"Action\":\"sts:AssumeRole\",\"Effect\":\"Allow\",\"Principal\":{\"Service\":\"lambda.amazonaws.com\"}}],\"Version\":\"2012-10-17\"}","description":null,"force_detach_policies":false,"max_session_duration":3600,"name":"product-api-dev-lambda-exec","path":"/","permissions_boundary":null,"tags":null,"tags_all":{"Environment":"dev","ManagedBy":"terraform","Project":"product-api"}},"sensitive_values":{"inline_policy":[],"managed_policy_arns":[],"tags_all":{}},"identity_schema_version":0,"identity":{"account_id":null,"name":null}},{"address":"aws_iam_role_policy_attachment.lambda_basic","mode":"managed","type":"aws_iam_role_policy_attachment","name":"lambda_basic","provider_name":"registry.terraform.io/hashicorp/aws","schema_version":0,"values":{"policy_arn":"arn:aws:iam::aws:policy/service-role/AWSLambdaBasicExecutionRole","role":"product-api-dev-lambda-exec"},"sensitive_values":{},"identity_schema_version":0,"identity":{"account_id":null,"policy_arn":null,"role":null}},{"address":"aws_lambda_function.product","mode":"managed","type":"aws_lambda_function","name":"product","provider_name":"registry.terraform.io/hashicorp/aws","schema_version":0,"values":{"capacity_provider_config":[],"code_signing_config_arn":null,"dead_letter_config":[],"description":null,"durable_config":[],"environment":[],"file_system_config":[],"filename":"../.dummy/lambda.zip","function_name":"product-lambda","handler":"example.Handler::handleRequest","image_config":[],"image_uri":null,"kms_key_arn":null,"layers":null,"memory_size":512,"package_type":"Zip","publish":false,"publish_to":null,"region":"us-east-1","replace_security_groups_on_destroy":null,"replacement_security_group_ids":null,"reserved_concurrent_executions":-1,"runtime":"java17","s3_bucket":null,"s3_key":null,"s3_object_version":null,"skip_destroy":false,"snap_start":[],"source_code_hash":"wmbalFzzY/wG3ivChKElOZB3+B4gptmQyIat05p+fU4=","source_kms_key_arn":null,"tags":null,"tags_all":{"Environment":"dev","ManagedBy":"terraform","Project":"product-api"},"tenancy_config":[],"timeout":10,"timeouts":null,"vpc_config":[]},"sensitive_values":{"architectures":[],"capacity_provider_config":[],"dead_letter_config":[],"durable_config":[],"environment":[],"ephemeral_storage":[],"file_system_config":[],"image_config":[],"logging_config":[],"snap_start":[],"tags_all":{},"tenancy_config":[],"tracing_config":[],"vpc_config":[]},"identity_schema_version":0,"identity":{"account_id":null,"function_name":null,"region":null}},{"address":"aws_lambda_permission.apigw_invoke","mode":"managed","type":"aws_lambda_permission","name":"apigw_invoke","provider_name":"registry.terraform.io/hashicorp/aws","schema_version":0,"values":{"action":"lambda:InvokeFunction","event_source_token":null,"function_name":"product-lambda","function_url_auth_type":null,"invoked_via_function_url":null,"principal":"apigateway.amazonaws.com","principal_org_id":null,"qualifier":null,"region":"us-east-1","source_account":null,"statement_id":"AllowExecutionFromAPIGateway"},"sensitive_values":{},"identity_schema_version":0,"identity":{"account_id":null,"function_name":null,"qualifier":null,"region":null,"statement_id":null}}]}},"resource_changes":[{"address":"aws_api_gateway_deployment.this","mode":"managed","type":"aws_api_gateway_deployment","name":"this","provider_name":"registry.terraform.io/hashicorp/aws","change":{"actions":["create"],"before":null,"after":{"description":null,"region":"us-east-1","variables":null},"after_unknown":{"created_date":true,"id":true,"rest_api_id":true,"triggers":true},"before_sensitive":false,"after_sensitive":{"triggers":{}}}},{"address":"aws_api_gateway_integration.product_any","mode":"managed","type":"aws_api_gateway_integration","name":"product_any","provider_name":"registry.terraform.io/hashicorp/aws","change":{"actions":["create"],"before":null,"after":{"cache_key_parameters":null,"connection_id":null,"connection_type":"INTERNET","content_handling":null,"credentials":null,"http_method":"ANY","integration_http_method":"POST","integration_target":null,"region":"us-east-1","request_parameters":null,"request_templates":null,"timeout_milliseconds":29000,"tls_config":[],"type":"AWS_PROXY"},"after_unknown":{"cache_namespace":true,"id":true,"passthrough_behavior":true,"resource_id":true,"response_transfer_mode":true,"rest_api_id":true,"tls_config":[],"uri":true},"before_sensitive":false,"after_sensitive":{"tls_config":[]}}},{"address":"aws_api_gateway_method.product_any","mode":"managed","type":"aws_api_gateway_method","name":"product_any","provider_name":"registry.terraform.io/hashicorp/aws","change":{"actions":["create"],"before":null,"after":{"api_key_required":false,"authorization":"NONE","authorization_scopes":null,"authorizer_id":null,"http_method":"ANY","operation_name":null,"region":"us-east-1","request_models":null,"request_parameters":null,"request_validator_id":null},"after_unknown":{"id":true,"resource_id":true,"rest_api_id":true},"before_sensitive":false,"after_sensitive":{}}},{"address":"aws_api_gateway_method_settings.all","mode":"managed","type":"aws_api_gateway_method_settings","name":"all","provider_name":"registry.terraform.io/hashicorp/aws","change":{"actions":["create"],"before":null,"after":{"method_path":"*/*","region":"us-east-1","settings":[{"data_trace_enabled":false,"logging_level":"INFO","metrics_enabled":true,"throttling_burst_limit":-1,"throttling_rate_limit":-1}],"stage_name":"dev"},"after_unknown":{"id":true,"rest_api_id":true,"settings":[{"cache_data_encrypted":true,"cache_ttl_in_seconds":true,"caching_enabled":true,"require_authorization_for_cache_control":true,"unauthorized_cache_control_header_strategy":true}]},"before_sensitive":false,"after_sensitive":{"settings":[{}]}}},{"address":"aws_api_gateway_resource.product_api","mode":"managed","type":"aws_api_gateway_resource","name":"product_api","provider_name":"registry.terraform.io/hashicorp/aws","change":{"actions":["create"],"before":null,"after":{"path_part":"productApi","region":"us-east-1"},"after_unknown":{"id":true,"parent_id":true,"path":true,"rest_api_id":true},"before_sensitive":false,"after_sensitive":{}}},{"address":"aws_api_gateway_rest_api.this","mode":"managed","type":"aws_api_gateway_rest_api","name":"this","provider_name":"registry.terraform.io/hashicorp/aws","change":{"actions":["create"],"before":null,"after":{"body":null,"endpoint_configuration":[{"types":["REGIONAL"]}],"fail_on_warnings":null,"name":"product-api-dev-rest","parameters":null,"put_rest_api_mode":null,"region":"us-east-1","tags":null,"tags_all":{"Environment":"dev","ManagedBy":"terraform","Project":"product-api"}},"after_unknown":{"api_key_source":true,"arn":true,"binary_media_types":true,"created_date":true,"description":true,"disable_execute_api_endpoint":true,"endpoint_configuration":[{"ip_address_type":true,"types":[false],"vpc_endpoint_ids":true}],"execution_arn":true,"id":true,"minimum_compression_size":true,"policy":true,"root_resource_id":true,"tags_all":{}},"before_sensitive":false,"after_sensitive":{"binary_media_types":[],"endpoint_configuration":[{"types":[false],"vpc_endpoint_ids":[]}],"tags_all":{}}}},{"address":"aws_api_gateway_stage.this","mode":"managed","type":"aws_api_gateway_stage","name":"this","provider_name":"registry.terraform.io/hashicorp/aws","change":{"actions":["create"],"before":null,"after":{"access_log_settings":[{"format":"{\"httpMethod\":\"$context.httpMethod\",\"integrationErr\":\"$context.integrationErrorMessage\",\"ip\":\"$context.identity.sourceIp\",\"protocol\":\"$context.protocol\",\"requestId\":\"$context.requestId\",\"requestTime\":\"$context.requestTime\",\"resourcePath\":\"$context.resourcePath\",\"responseLength\":\"$context.responseLength\",\"status\":\"$context.status\"}"}],"cache_cluster_enabled":null,"cache_cluster_size":null,"canary_settings":[],"client_certificate_id":null,"description":null,"documentation_version":null,"region":"us-east-1","stage_name":"dev","tags":null,"tags_all":{"Environment":"dev","ManagedBy":"terraform","Project":"product-api"},"variables":null,"xray_tracing_enabled":false},"after_unknown":{"access_log_settings":[{"destination_arn":true}],"arn":true,"canary_settings":[],"deployment_id":true,"execution_arn":true,"id":true,"invoke_url":true,"rest_api_id":true,"tags_all":{},"web_acl_arn":true},"before_sensitive":false,"after_sensitive":{"access_log_settings":[{}],"canary_settings":[],"tags_all":{}}}},{"address":"aws_cloudwatch_log_group.apigw_access","mode":"managed","type":"aws_cloudwatch_log_group","name":"apigw_access","provider_name":"registry.terraform.io/hashicorp/aws","change":{"actions":["create"],"before":null,"after":{"kms_key_id":null,"name":"/aws/apigateway/product-api-dev","region":"us-east-1","retention_in_days":14,"skip_destroy":false,"tags":null,"tags_all":{"Environment":"dev","ManagedBy":"terraform","Project":"product-api"}},"after_unknown":{"arn":true,"deletion_protection_enabled":true,"id":true,"log_group_class":true,"name_prefix":true,"tags_all":{}},"before_sensitive":false,"after_sensitive":{"tags_all":{}},"after_identity":{"account_id":null,"name":null,"region":null}}},{"address":"aws_cloudwatch_log_group.lambda","mode":"managed","type":"aws_cloudwatch_log_group","name":"lambda","provider_name":"registry.terraform.io/hashicorp/aws","change":{"actions":["create"],"before":null,"after":{"kms_key_id":null,"name":"/aws/lambda/product-lambda","region":"us-east-1","retention_in_days":14,"skip_destroy":false,"tags":null,"tags_all":{"Environment":"dev","ManagedBy":"terraform","Project":"product-api"}},"after_unknown":{"arn":true,"deletion_protection_enabled":true,"id":true,"log_group_class":true,"name_prefix":true,"tags_all":{}},"before_sensitive":false,"after_sensitive":{"tags_all":{}},"after_identity":{"account_id":null,"name":null,"region":null}}},{"address":"aws_iam_role.lambda_exec","mode":"managed","type":"aws_iam_role","name":"lambda_exec","provider_name":"registry.terraform.io/hashicorp/aws","change":{"actions":["create"],"before":null,"after":{"assume_role_policy":"{\"Statement\":[{\"Action\":\"sts:AssumeRole\",\"Effect\":\"Allow\",\"Principal\":{\"Service\":\"lambda.amazonaws.com\"}}],\"Version\":\"2012-10-17\"}","description":null,"force_detach_policies":false,"max_session_duration":3600,"name":"product-api-dev-lambda-exec","path":"/","permissions_boundary":null,"tags":null,"tags_all":{"Environment":"dev","ManagedBy":"terraform","Project":"product-api"}},"after_unknown":{"arn":true,"create_date":true,"id":true,"inline_policy":true,"managed_policy_arns":true,"name_prefix":true,"tags_all":{},"unique_id":true},"before_sensitive":false,"after_sensitive":{"inline_policy":[],"managed_policy_arns":[],"tags_all":{}},"after_identity":{"account_id":null,"name":null}}},{"address":"aws_iam_role_policy_attachment.lambda_basic","mode":"managed","type":"aws_iam_role_policy_attachment","name":"lambda_basic","provider_name":"registry.terraform.io/hashicorp/aws","change":{"actions":["create"],"before":null,"after":{"policy_arn":"arn:aws:iam::aws:policy/service-role/AWSLambdaBasicExecutionRole","role":"product-api-dev-lambda-exec"},"after_unknown":{"id":true},"before_sensitive":false,"after_sensitive":{},"after_identity":{"account_id":null,"policy_arn":null,"role":null}}},{"address":"aws_lambda_function.product","mode":"managed","type":"aws_lambda_function","name":"product","provider_name":"registry.terraform.io/hashicorp/aws","change":{"actions":["create"],"before":null,"after":{"capacity_provider_config":[],"code_signing_config_arn":null,"dead_letter_config":[],"description":null,"durable_config":[],"environment":[],"file_system_config":[],"filename":"../.dummy/lambda.zip","function_name":"product-lambda","handler":"example.Handler::handleRequest","image_config":[],"image_uri":null,"kms_key_arn":null,"layers":null,"memory_size":512,"package_type":"Zip","publish":false,"publish_to":null,"region":"us-east-1","replace_security_groups_on_destroy":null,"replacement_security_group_ids":null,"reserved_concurrent_executions":-1,"runtime":"java17","s3_bucket":null,"s3_key":null,"s3_object_version":null,"skip_destroy":false,"snap_start":[],"source_code_hash":"wmbalFzzY/wG3ivChKElOZB3+B4gptmQyIat05p+fU4=","source_kms_key_arn":null,"tags":null,"tags_all":{"Environment":"dev","ManagedBy":"terraform","Project":"product-api"},"tenancy_config":[],"timeout":10,"timeouts":null,"vpc_config":[]},"after_unknown":{"architectures":true,"arn":true,"capacity_provider_config":[],"code_sha256":true,"dead_letter_config":[],"durable_config":[],"environment":[],"ephemeral_storage":true,"file_system_config":[],"id":true,"image_config":[],"invoke_arn":true,"last_modified":true,"logging_config":true,"qualified_arn":true,"qualified_invoke_arn":true,"response_streaming_invoke_arn":true,"role":true,"signing_job_arn":true,"signing_profile_version_arn":true,"snap_start":[],"source_code_size":true,"tags_all":{},"tenancy_config":[],"tracing_config":true,"version":true,"vpc_config":[]},"before_sensitive":false,"after_sensitive":{"architectures":[],"capacity_provider_config":[],"dead_letter_config":[],"durable_config":[],"environment":[],"ephemeral_storage":[],"file_system_config":[],"image_config":[],"logging_config":[],"snap_start":[],"tags_all":{},"tenancy_config":[],"tracing_config":[],"vpc_config":[]},"after_identity":{"account_id":null,"function_name":null,"region":null}}},{"address":"aws_lambda_permission.apigw_invoke","mode":"managed","type":"aws_lambda_permission","name":"apigw_invoke","provider_name":"registry.terraform.io/hashicorp/aws","change":{"actions":["create"],"before":null,"after":{"action":"lambda:InvokeFunction","event_source_token":null,"function_name":"product-lambda","function_url_auth_type":null,"invoked_via_function_url":null,"principal":"apigateway.amazonaws.com","principal_org_id":null,"qualifier":null,"region":"us-east-1","source_account":null,"statement_id":"AllowExecutionFromAPIGateway"},"after_unknown":{"id":true,"source_arn":true,"statement_id_prefix":true},"before_sensitive":false,"after_sensitive":{},"after_identity":{"account_id":null,"function_name":null,"qualifier":null,"region":null,"statement_id":null}}}],"output_changes":{"api_key_value":{"actions":["no-op"],"before":null,"after":null,"after_unknown":false,"before_sensitive":true,"after_sensitive":true},"invoke_url":{"actions":["create"],"before":null,"after_unknown":true,"before_sensitive":false,"after_sensitive":false},"rest_api_id":{"actions":["create"],"before":null,"after_unknown":true,"before_sensitive":false,"after_sensitive":false}},"prior_state":{"format_version":"1.0","terraform_version":"1.13.5","values":{"root_module":{"resources":[{"address":"data.archive_file.lambda_dummy","mode":"data","type":"archive_file","name":"lambda_dummy","provider_name":"registry.terraform.io/hashicorp/archive","schema_version":0,"values":{"exclude_symlink_directories":null,"excludes":null,"id":"58e93fade67637870be5af38eff8d5aa66c7da49","output_base64sha256":"wmbalFzzY/wG3ivChKElOZB3+B4gptmQyIat05p+fU4=","output_base64sha512":"BQYAg1LwEY4tDmry1VoRx6StX0vjH+7LpfB5KAZLVvfJQjioPbBv1QxI6QF6P2U614fU3h9XKBCb9z5Y1ornqA==","output_file_mode":null,"output_md5":"a0dbd832a6a977d6d5b28ea5c85e30fb","output_path":"./.dummy/lambda.zip","output_sha":"58e93fade67637870be5af38eff8d5aa66c7da49","output_sha256":"c266da945cf363fc06de2bc284a125399077f81e20a6d990c886add39a7e7d4e","output_sha512":"0506008352f0118e2d0e6af2d55a11c7a4ad5f4be31feecba5f07928064b56f7c94238a83db06fd50c48e9017a3f653ad787d4de1f5728109bf73e58d68ae7a8","output_size":246,"source":[{"content":"exports.handler = async (event) =\u003e {\n  console.log(\"Dummy lambda invoked\");\n  return { statusCode: 200, body: \"dummy\" };\n};\n","filename":"index.js"}],"source_content":null,"source_content_filename":null,"source_dir":null,"source_file":null,"type":"zip"},"sensitive_values":{"source":[{}]}}]}}},"configuration":{"provider_config":{"archive":{"name":"archive","full_name":"registry.terraform.io/hashicorp/archive"},"aws":{"name":"aws","full_name":"registry.terraform.io/hashicorp/aws","version_constraint":"\u003e= 5.0.0","expressions":{"default_tags":[{"tags":{"references":["var.project_name","var.stage_name"]}}],"region":{"references":["var.aws_region"]}}}},"root_module":{"outputs":{"api_key_value":{"sensitive":true,"expression":{"references":["var.enable_api_key","aws_api_gateway_api_key.this[0].value","aws_api_gateway_api_key.this[0]","aws_api_gateway_api_key.this"]},"description":"API key value (only when enable_api_key=true)."},"invoke_url":{"expression":{"references":["aws_api_gateway_rest_api.this.id","aws_api_gateway_rest_api.this","var.aws_region","aws_api_gateway_stage.this.stage_name","aws_api_gateway_stage.this"]},"description":"Base invoke URL for the deployed stage."},"rest_api_id":{"expression":{"references":["aws_api_gateway_rest_api.this.id","aws_api_gateway_rest_api.this"]},"description":"API Gateway REST API id."}},"resources":[{"address":"aws_api_gateway_api_key.this","mode":"managed","type":"aws_api_gateway_api_key","name":"this","provider_config_key":"aws","expressions":{"enabled":{"constant_value":true},"name":{"references":["local.name_prefix"]}},"schema_version":0,"count_expression":{"references":["var.enable_api_key"]}},{"address":"aws_api_gateway_deployment.this","mode":"managed","type":"aws_api_gateway_deployment","name":"this","provider_config_key":"aws","expressions":{"rest_api_id":{"references":["aws_api_gateway_rest_api.this.id","aws_api_gateway_rest_api.this"]},"triggers":{"references":["aws_api_gateway_resource.product_api.id","aws_api_gateway_resource.product_api","aws_api_gateway_method.product_any.id","aws_api_gateway_method.product_any","aws_api_gateway_integration.product_any.id","aws_api_gateway_integration.product_any","aws_lambda_function.product.arn","aws_lambda_function.product","var.enable_api_key"]}},"schema_version":0,"depends_on":["aws_api_gateway_integration.product_any","aws_lambda_permission.apigw_invoke"]},{"address":"aws_api_gateway_integration.product_any","mode":"managed","type":"aws_api_gateway_integration","name":"product_any","provider_config_key":"aws","expressions":{"http_method":{"references":["aws_api_gateway_method.product_any.http_method","aws_api_gateway_method.product_any"]},"integration_http_method":{"constant_value":"POST"},"resource_id":{"references":["aws_api_gateway_resource.product_api.id","aws_api_gateway_resource.product_api"]},"rest_api_id":{"references":["aws_api_gateway_rest_api.this.id","aws_api_gateway_rest_api.this"]},"type":{"constant_value":"AWS_PROXY"},"uri":{"references":["aws_lambda_function.product.invoke_arn","aws_lambda_function.product"]}},"schema_version":0},{"address":"aws_api_gateway_method.product_any","mode":"managed","type":"aws_api_gateway_method","name":"product_any","provider_config_key":"aws","expressions":{"api_key_required":{"references":["var.enable_api_key"]},"authorization":{"constant_value":"NONE"},"http_method":{"constant_value":"ANY"},"resource_id":{"references":["aws_api_gateway_resource.product_api.id","aws_api_gateway_resource.product_api"]},"rest_api_id":{"references":["aws_api_gateway_rest_api.this.id","aws_api_gateway_rest_api.this"]}},"schema_version":0},{"address":"aws_api_gateway_method_settings.all","mode":"managed","type":"aws_api_gateway_method_settings","name":"all","provider_config_key":"aws","expressions":{"method_path":{"constant_value":"*/*"},"rest_api_id":{"references":["aws_api_gateway_rest_api.this.id","aws_api_gateway_rest_api.this"]},"settings":[{"data_trace_enabled":{"constant_value":false},"logging_level":{"constant_value":"INFO"},"metrics_enabled":{"constant_value":true}}],"stage_name":{"references":["aws_api_gateway_stage.this.stage_name","aws_api_gateway_stage.this"]}},"schema_version":0},{"address":"aws_api_gateway_resource.product_api","mode":"managed","type":"aws_api_gateway_resource","name":"product_api","provider_config_key":"aws","expressions":{"parent_id":{"references":["aws_api_gateway_rest_api.this.root_resource_id","aws_api_gateway_rest_api.this"]},"path_part":{"constant_value":"productApi"},"rest_api_id":{"references":["aws_api_gateway_rest_api.this.id","aws_api_gateway_rest_api.this"]}},"schema_version":0},{"address":"aws_api_gateway_rest_api.this","mode":"managed","type":"aws_api_gateway_rest_api","name":"this","provider_config_key":"aws","expressions":{"endpoint_configuration":[{"types":{"constant_value":["REGIONAL"]}}],"name":{"references":["local.name_prefix"]}},"schema_version":0},{"address":"aws_api_gateway_stage.this","mode":"managed","type":"aws_api_gateway_stage","name":"this","provider_config_key":"aws","expressions":{"access_log_settings":[{"destination_arn":{"references":["aws_cloudwatch_log_group.apigw_access.arn","aws_cloudwatch_log_group.apigw_access"]},"format":{}}],"deployment_id":{"references":["aws_api_gateway_deployment.this.id","aws_api_gateway_deployment.this"]},"rest_api_id":{"references":["aws_api_gateway_rest_api.this.id","aws_api_gateway_rest_api.this"]},"stage_name":{"references":["var.stage_name"]},"xray_tracing_enabled":{"constant_value":false}},"schema_version":0},{"address":"aws_api_gateway_usage_plan.this","mode":"managed","type":"aws_api_gateway_usage_plan","name":"this","provider_config_key":"aws","expressions":{"api_stages":[{"api_id":{"references":["aws_api_gateway_rest_api.this.id","aws_api_gateway_rest_api.this"]},"stage":{"references":["aws_api_gateway_stage.this.stage_name","aws_api_gateway_stage.this"]}}],"name":{"references":["local.name_prefix"]}},"schema_version":0,"count_expression":{"references":["var.enable_api_key"]}},{"address":"aws_api_gateway_usage_plan_key.this","mode":"managed","type":"aws_api_gateway_usage_plan_key","name":"this","provider_config_key":"aws","expressions":{"key_id":{"references":["aws_api_gateway_api_key.this[0].id","aws_api_gateway_api_key.this[0]","aws_api_gateway_api_key.this"]},"key_type":{"constant_value":"API_KEY"},"usage_plan_id":{"references":["aws_api_gateway_usage_plan.this[0].id","aws_api_gateway_usage_plan.this[0]","aws_api_gateway_usage_plan.this"]}},"schema_version":0,"count_expression":{"references":["var.enable_api_key"]}},{"address":"aws_cloudwatch_log_group.apigw_access","mode":"managed","type":"aws_cloudwatch_log_group","name":"apigw_access","provider_config_key":"aws","expressions":{"name":{"references":["local.name_prefix"]},"retention_in_days":{"constant_value":14}},"schema_version":0},{"address":"aws_cloudwatch_log_group.lambda","mode":"managed","type":"aws_cloudwatch_log_group","name":"lambda","provider_config_key":"aws","expressions":{"name":{"references":["var.lambda_function_name"]},"retention_in_days":{"constant_value":14}},"schema_version":0},{"address":"aws_iam_role.lambda_exec","mode":"managed","type":"aws_iam_role","name":"lambda_exec","provider_config_key":"aws","expressions":{"assume_role_policy":{},"name":{"references":["local.name_prefix"]}},"schema_version":0},{"address":"aws_iam_role_policy_attachment.lambda_basic","mode":"managed","type":"aws_iam_role_policy_attachment","name":"lambda_basic","provider_config_key":"aws","expressions":{"policy_arn":{"constant_value":"arn:aws:iam::aws:policy/service-role/AWSLambdaBasicExecutionRole"},"role":{"references":["aws_iam_role.lambda_exec.name","aws_iam_role.lambda_exec"]}},"schema_version":0},{"address":"aws_lambda_function.product","mode":"managed","type":"aws_lambda_function","name":"product","provider_config_key":"aws","expressions":{"filename":{"references":["var.lambda_artifact_path"]},"function_name":{"references":["var.lambda_function_name"]},"handler":{"references":["var.lambda_handler"]},"memory_size":{"references":["var.lambda_memory_size"]},"role":{"references":["aws_iam_role.lambda_exec.arn","aws_iam_role.lambda_exec"]},"runtime":{"references":["var.lambda_runtime"]},"source_code_hash":{"references":["var.lambda_artifact_path"]},"timeout":{"references":["var.lambda_timeout"]}},"schema_version":0,"depends_on":["aws_cloudwatch_log_group.lambda"]},{"address":"aws_lambda_permission.apigw_invoke","mode":"managed","type":"aws_lambda_permission","name":"apigw_invoke","provider_config_key":"aws","expressions":{"action":{"constant_value":"lambda:InvokeFunction"},"function_name":{"references":["aws_lambda_function.product.function_name","aws_lambda_function.product"]},"principal":{"constant_value":"apigateway.amazonaws.com"},"source_arn":{"references":["aws_api_gateway_rest_api.this.execution_arn","aws_api_gateway_rest_api.this"]},"statement_id":{"constant_value":"AllowExecutionFromAPIGateway"}},"schema_version":0},{"address":"data.archive_file.lambda_dummy","mode":"data","type":"archive_file","name":"lambda_dummy","provider_config_key":"archive","expressions":{"output_path":{"references":["local.lambda_dummy_zip"]},"source":[{"content":{"constant_value":"exports.handler = async (event) =\u003e {\n  console.log(\"Dummy lambda invoked\");\n  return { statusCode: 200, body: \"dummy\" };\n};\n"},"filename":{"constant_value":"index.js"}}],"type":{"constant_value":"zip"}},"schema_version":0}],"variables":{"aws_region":{"default":"us-east-1","description":"AWS region to deploy into."},"enable_api_key":{"default":false,"description":"Whether to require an API key via a usage plan."},"lambda_artifact_path":{"default":"../.dummy/lambda.zip","description":"Path to the Lambda deployment package (zip or jar). For Java, prefer a ZIP containing the handler + deps."},"lambda_function_name":{"default":"product-lambda","description":"Lambda function name."},"lambda_handler":{"default":"example.Handler::handleRequest","description":"Lambda handler (Java). Update to match your code. Example: com.example.Handler::handleRequest"},"lambda_memory_size":{"default":512,"description":"Lambda memory size (MB)."},"lambda_runtime":{"default":"java17","description":"Lambda runtime. If you deploy a Java ZIP/JAR, use java17 (or java11)."},"lambda_timeout":{"default":10,"description":"Lambda timeout (seconds)."},"project_name":{"default":"product-api","description":"Project/name prefix used for resource naming."},"stage_name":{"default":"dev","description":"API Gateway stage name (e.g., dev, staging, prod)."}}}},"relevant_attributes":[{"resource":"aws_api_gateway_rest_api.this","attribute":["id"]},{"resource":"aws_api_gateway_deployment.this","attribute":["id"]},{"resource":"aws_api_gateway_method.product_any","attribute":["id"]},{"resource":"aws_iam_role.lambda_exec","attribute":["arn"]},{"resource":"aws_api_gateway_rest_api.this","attribute":["root_resource_id"]},{"resource":"aws_iam_role.lambda_exec","attribute":["name"]},{"resource":"aws_api_gateway_integration.product_any","attribute":["id"]},{"resource":"aws_lambda_function.product","attribute":["invoke_arn"]},{"resource":"aws_api_gateway_resource.product_api","attribute":["id"]},{"resource":"aws_api_gateway_rest_api.this","attribute":["execution_arn"]},{"resource":"aws_api_gateway_stage.this","attribute":["stage_name"]},{"resource":"aws_api_gateway_method.product_any","attribute":["http_method"]},{"resource":"aws_lambda_function.product","attribute":["function_name"]},{"resource":"aws_cloudwatch_log_group.apigw_access","attribute":["arn"]},{"resource":"aws_lambda_function.product","attribute":["arn"]}],"timestamp":"2026-01-27T11:08:04Z","applyable":true,"complete":true,"errored":false}
