{
  "version": 4,
  "terraform_version": "1.13.5",
  "serial": 3,
  "lineage": "ca1bfbc2-2af2-4f5d-78ac-06c7b6f1ea2c",
  "outputs": {
    "iam_user_name": {
      "value": "go-aws-s3-bucket-list-user-c5428a36",
      "type": "string"
    }
  },
  "resources": [
    {
      "mode": "managed",
      "type": "aws_iam_access_key",
      "name": "app",
      "provider": "provider[\"registry.terraform.io/hashicorp/aws\"]",
      "instances": [
        {
          "schema_version": 0,
          "attributes": {
            "create_date": "2026-01-25T21:45:14Z",
            "encrypted_secret": null,
            "encrypted_ses_smtp_password_v4": null,
            "id": "LKIAQAAAAAAALBPKPYJG",
            "key_fingerprint": null,
            "pgp_key": null,
            "secret": "c9b5oZW4eZmgH5eMKrTzcS7OeuriuS9YxROsqqpx",
            "ses_smtp_password_v4": "BN6qTyq+5F+yXHdOV8zT3WBSLDQzuOZqU3lU6kbGOgnU",
            "status": "Active",
            "user": "go-aws-s3-bucket-list-user-c5428a36"
          },
          "sensitive_attributes": [
            [
              {
                "type": "get_attr",
                "value": "secret"
              }
            ],
            [
              {
                "type": "get_attr",
                "value": "ses_smtp_password_v4"
              }
            ]
          ],
          "identity_schema_version": 0,
          "private": "bnVsbA==",
          "dependencies": [
            "aws_iam_user.app",
            "random_id.suffix"
          ]
        }
      ]
    },
    {
      "mode": "managed",
      "type": "aws_iam_user",
      "name": "app",
      "provider": "provider[\"registry.terraform.io/hashicorp/aws\"]",
      "instances": [
        {
          "schema_version": 0,
          "attributes": {
            "arn": "arn:aws:iam::000000000000:user/go-aws-s3-bucket-list-user-c5428a36",
            "force_destroy": false,
            "id": "go-aws-s3-bucket-list-user-c5428a36",
            "name": "go-aws-s3-bucket-list-user-c5428a36",
            "path": "/",
            "permissions_boundary": "",
            "tags": null,
            "tags_all": {
              "Managed": "terraform",
              "Project": "go-aws-s3-bucket-list"
            },
            "unique_id": "iaoeaxmgtan6mjkda9o6"
          },
          "sensitive_attributes": [],
          "identity_schema_version": 0,
          "private": "bnVsbA==",
          "dependencies": [
            "random_id.suffix"
          ]
        }
      ]
    },
    {
      "mode": "managed",
      "type": "aws_s3_bucket",
      "name": "demo",
      "provider": "provider[\"registry.terraform.io/hashicorp/aws\"]",
      "instances": []
    },
    {
      "mode": "managed",
      "type": "random_id",
      "name": "suffix",
      "provider": "provider[\"registry.terraform.io/hashicorp/random\"]",
      "instances": [
        {
          "schema_version": 0,
          "attributes": {
            "b64_std": "xUKKNg==",
            "b64_url": "xUKKNg",
            "byte_length": 4,
            "dec": "3309472310",
            "hex": "c5428a36",
            "id": "xUKKNg",
            "keepers": null,
            "prefix": null
          },
          "sensitive_attributes": [],
          "identity_schema_version": 0
        }
      ]
    }
  ],
  "check_results": null
}
