{
  "version": 4,
  "terraform_version": "1.13.5",
  "serial": 17,
  "lineage": "e11937e0-0102-2687-6d82-2a2e98d05cd4",
  "outputs": {},
  "resources": [
    {
      "mode": "data",
      "type": "archive_file",
      "name": "lambda_dummy",
      "provider": "provider[\"registry.terraform.io/hashicorp/archive\"]",
      "instances": [
        {
          "schema_version": 0,
          "attributes": {
            "exclude_symlink_directories": null,
            "excludes": null,
            "id": "58e93fade67637870be5af38eff8d5aa66c7da49",
            "output_base64sha256": "wmbalFzzY/wG3ivChKElOZB3+B4gptmQyIat05p+fU4=",
            "output_base64sha512": "BQYAg1LwEY4tDmry1VoRx6StX0vjH+7LpfB5KAZLVvfJQjioPbBv1QxI6QF6P2U614fU3h9XKBCb9z5Y1ornqA==",
            "output_file_mode": null,
            "output_md5": "a0dbd832a6a977d6d5b28ea5c85e30fb",
            "output_path": "./.dummy/lambda.zip",
            "output_sha": "58e93fade67637870be5af38eff8d5aa66c7da49",
            "output_sha256": "c266da945cf363fc06de2bc284a125399077f81e20a6d990c886add39a7e7d4e",
            "output_sha512": "0506008352f0118e2d0e6af2d55a11c7a4ad5f4be31feecba5f07928064b56f7c94238a83db06fd50c48e9017a3f653ad787d4de1f5728109bf73e58d68ae7a8",
            "output_size": 246,
            "source": [
              {
                "content": "exports.handler = async (event) =\u003e {\n  console.log(\"Dummy lambda invoked\");\n  return { statusCode: 200, body: \"dummy\" };\n};\n",
                "filename": "index.js"
              }
            ],
            "source_content": null,
            "source_content_filename": null,
            "source_dir": null,
            "source_file": null,
            "type": "zip"
          },
          "sensitive_attributes": [],
          "identity_schema_version": 0
        }
      ]
    },
    {
      "mode": "data",
      "type": "aws_iam_policy_document",
      "name": "sns_topic_policy",
      "provider": "provider[\"registry.terraform.io/hashicorp/aws\"]",
      "instances": [
        {
          "schema_version": 0,
          "attributes": {
            "id": "3055686073",
            "json": "{\n  \"Version\": \"2012-10-17\",\n  \"Statement\": [\n    {\n      \"Effect\": \"Allow\",\n      \"Action\": \"SNS:Publish\",\n      \"Resource\": \"arn:aws:sns:us-east-1:000000000000:venmo-lambda-failure-notifications\",\n      \"Principal\": {\n        \"Service\": \"cloudwatch.amazonaws.com\"\n      }\n    }\n  ]\n}",
            "minified_json": "{\"Version\":\"2012-10-17\",\"Statement\":[{\"Effect\":\"Allow\",\"Action\":\"SNS:Publish\",\"Resource\":\"arn:aws:sns:us-east-1:000000000000:venmo-lambda-failure-notifications\",\"Principal\":{\"Service\":\"cloudwatch.amazonaws.com\"}}]}",
            "override_json": null,
            "override_policy_documents": null,
            "policy_id": null,
            "source_json": null,
            "source_policy_documents": null,
            "statement": [
              {
                "actions": [
                  "SNS:Publish"
                ],
                "condition": [],
                "effect": "Allow",
                "not_actions": [],
                "not_principals": [],
                "not_resources": [],
                "principals": [
                  {
                    "identifiers": [
                      "cloudwatch.amazonaws.com"
                    ],
                    "type": "Service"
                  }
                ],
                "resources": [
                  "arn:aws:sns:us-east-1:000000000000:venmo-lambda-failure-notifications"
                ],
                "sid": ""
              }
            ],
            "version": "2012-10-17"
          },
          "sensitive_attributes": [],
          "identity_schema_version": 0
        }
      ]
    },
    {
      "mode": "data",
      "type": "external",
      "name": "lambda_zip",
      "provider": "provider[\"registry.terraform.io/hashicorp/external\"]",
      "instances": [
        {
          "schema_version": 0,
          "attributes": {
            "id": "-",
            "program": [
              "bash",
              "./../package_lambda.sh"
            ],
            "query": null,
            "result": {
              "zipfile": "./handler.zip"
            },
            "working_dir": null
          },
          "sensitive_attributes": [],
          "identity_schema_version": 0
        }
      ]
    },
    {
      "mode": "managed",
      "type": "aws_cloudwatch_log_group",
      "name": "venmo_lambda_log_group",
      "provider": "provider[\"registry.terraform.io/hashicorp/aws\"]",
      "instances": [
        {
          "schema_version": 0,
          "attributes": {
            "arn": "arn:aws:logs:us-east-1:000000000000:log-group:/aws/lambda/VenmoActionLambda",
            "id": "/aws/lambda/VenmoActionLambda",
            "kms_key_id": "",
            "log_group_class": "",
            "name": "/aws/lambda/VenmoActionLambda",
            "name_prefix": "",
            "retention_in_days": 14,
            "skip_destroy": false,
            "tags": null,
            "tags_all": {
              "Project": "venmo_automation",
              "Terraform": "true"
            }
          },
          "sensitive_attributes": [],
          "identity_schema_version": 0,
          "private": "bnVsbA==",
          "dependencies": [
            "aws_iam_role.lambda_role",
            "aws_lambda_function.venmo_lambda",
            "data.external.lambda_zip"
          ]
        }
      ]
    },
    {
      "mode": "managed",
      "type": "aws_cloudwatch_log_metric_filter",
      "name": "lambda_error_filter",
      "provider": "provider[\"registry.terraform.io/hashicorp/aws\"]",
      "instances": [
        {
          "schema_version": 0,
          "attributes": {
            "id": "VenmoLambdaExecutionError",
            "log_group_name": "/aws/lambda/VenmoActionLambda",
            "metric_transformation": [
              {
                "default_value": "",
                "dimensions": null,
                "name": "ErrorCount",
                "namespace": "VenmoLambdaMetrics",
                "unit": "None",
                "value": "1"
              }
            ],
            "name": "VenmoLambdaExecutionError",
            "pattern": "ERROR"
          },
          "sensitive_attributes": [],
          "identity_schema_version": 0,
          "private": "bnVsbA==",
          "dependencies": [
            "aws_cloudwatch_log_group.venmo_lambda_log_group",
            "aws_iam_role.lambda_role",
            "aws_lambda_function.venmo_lambda",
            "data.external.lambda_zip"
          ]
        }
      ]
    },
    {
      "mode": "managed",
      "type": "aws_cloudwatch_metric_alarm",
      "name": "lambda_error_alarm",
      "provider": "provider[\"registry.terraform.io/hashicorp/aws\"]",
      "instances": [
        {
          "schema_version": 1,
          "attributes": {
            "actions_enabled": true,
            "alarm_actions": [
              "arn:aws:sns:us-east-1:000000000000:venmo-lambda-failure-notifications"
            ],
            "alarm_description": "Alarm when the VenmoActionLambda function fails.",
            "alarm_name": "VenmoLambdaFunctionError",
            "arn": "arn:aws:cloudwatch:us-east-1:000000000000:alarm:VenmoLambdaFunctionError",
            "comparison_operator": "GreaterThanThreshold",
            "datapoints_to_alarm": 0,
            "dimensions": null,
            "evaluate_low_sample_count_percentiles": "",
            "evaluation_periods": 1,
            "extended_statistic": "",
            "id": "VenmoLambdaFunctionError",
            "insufficient_data_actions": null,
            "metric_name": "ErrorCount",
            "metric_query": [],
            "namespace": "VenmoLambdaMetrics",
            "ok_actions": null,
            "period": 60,
            "statistic": "Sum",
            "tags": null,
            "tags_all": {},
            "threshold": 0,
            "threshold_metric_id": "",
            "treat_missing_data": "missing",
            "unit": ""
          },
          "sensitive_attributes": [],
          "identity_schema_version": 0,
          "private": "eyJzY2hlbWFfdmVyc2lvbiI6IjEifQ==",
          "dependencies": [
            "aws_iam_role.lambda_role",
            "aws_lambda_function.venmo_lambda",
            "aws_sns_topic.lambda_failure_topic",
            "data.external.lambda_zip"
          ]
        }
      ]
    },
    {
      "mode": "managed",
      "type": "aws_iam_policy",
      "name": "lambda_invoke_policy",
      "provider": "provider[\"registry.terraform.io/hashicorp/aws\"]",
      "instances": [
        {
          "schema_version": 0,
          "attributes": {
            "arn": "arn:aws:iam::000000000000:policy/lambda_invoke_policy",
            "attachment_count": 0,
            "description": "",
            "id": "arn:aws:iam::000000000000:policy/lambda_invoke_policy",
            "name": "lambda_invoke_policy",
            "name_prefix": "",
            "path": "/",
            "policy": "{\"Statement\":[{\"Action\":[\"lambda:InvokeFunction\"],\"Effect\":\"Allow\",\"Resource\":\"arn:aws:lambda:us-east-1:000000000000:function:VenmoActionLambda\"}],\"Version\":\"2012-10-17\"}",
            "policy_id": "AEZEINLP8JOUSAF7H45OH",
            "tags": null,
            "tags_all": {
              "Project": "venmo_automation",
              "Terraform": "true"
            }
          },
          "sensitive_attributes": [],
          "identity_schema_version": 0,
          "private": "bnVsbA==",
          "dependencies": [
            "aws_iam_role.lambda_role",
            "aws_lambda_function.venmo_lambda",
            "data.external.lambda_zip"
          ]
        }
      ]
    },
    {
      "mode": "managed",
      "type": "aws_iam_role",
      "name": "lambda_invocation_role",
      "provider": "provider[\"registry.terraform.io/hashicorp/aws\"]",
      "instances": [
        {
          "schema_version": 0,
          "attributes": {
            "arn": "arn:aws:iam::000000000000:role/lambda_invocation_role",
            "assume_role_policy": "{\"Statement\":[{\"Action\":\"sts:AssumeRole\",\"Effect\":\"Allow\",\"Principal\":{\"Service\":\"scheduler.amazonaws.com\"}}],\"Version\":\"2012-10-17\"}",
            "create_date": "2026-01-27T05:46:31Z",
            "description": "",
            "force_detach_policies": false,
            "id": "lambda_invocation_role",
            "inline_policy": [],
            "managed_policy_arns": [],
            "max_session_duration": 3600,
            "name": "lambda_invocation_role",
            "name_prefix": "",
            "path": "/",
            "permissions_boundary": "",
            "tags": null,
            "tags_all": {
              "Project": "venmo_automation",
              "Terraform": "true"
            },
            "unique_id": "AROAQAAAAAAAHJ7U6K4HN"
          },
          "sensitive_attributes": [],
          "identity_schema_version": 0,
          "private": "bnVsbA=="
        }
      ]
    },
    {
      "mode": "managed",
      "type": "aws_iam_role",
      "name": "lambda_role",
      "provider": "provider[\"registry.terraform.io/hashicorp/aws\"]",
      "instances": [
        {
          "schema_version": 0,
          "attributes": {
            "arn": "arn:aws:iam::000000000000:role/lambda_execution_role",
            "assume_role_policy": "{\"Statement\":[{\"Action\":\"sts:AssumeRole\",\"Effect\":\"Allow\",\"Principal\":{\"Service\":\"lambda.amazonaws.com\"}}],\"Version\":\"2012-10-17\"}",
            "create_date": "2026-01-27T05:46:31Z",
            "description": "",
            "force_detach_policies": false,
            "id": "lambda_execution_role",
            "inline_policy": [],
            "managed_policy_arns": [],
            "max_session_duration": 3600,
            "name": "lambda_execution_role",
            "name_prefix": "",
            "path": "/",
            "permissions_boundary": "",
            "tags": null,
            "tags_all": {
              "Project": "venmo_automation",
              "Terraform": "true"
            },
            "unique_id": "AROAQAAAAAAANKB4O5P5B"
          },
          "sensitive_attributes": [],
          "identity_schema_version": 0,
          "private": "bnVsbA=="
        }
      ]
    },
    {
      "mode": "managed",
      "type": "aws_iam_role_policy",
      "name": "lambda_policy",
      "provider": "provider[\"registry.terraform.io/hashicorp/aws\"]",
      "instances": [
        {
          "schema_version": 0,
          "attributes": {
            "id": "lambda_execution_role:terraform-20260127054631886000000001",
            "name": "terraform-20260127054631886000000001",
            "name_prefix": "terraform-",
            "policy": "{\"Version\":\"2012-10-17\",\"Statement\":[{\"Action\":[\"logs:CreateLogStream\",\"logs:PutLogEvents\"],\"Effect\":\"Allow\",\"Resource\":\"arn:aws:logs:*:*:*\"}]}",
            "role": "lambda_execution_role"
          },
          "sensitive_attributes": [],
          "identity_schema_version": 0,
          "private": "bnVsbA==",
          "dependencies": [
            "aws_iam_role.lambda_role"
          ]
        }
      ]
    },
    {
      "mode": "managed",
      "type": "aws_iam_role_policy_attachment",
      "name": "lambda_invoke_attachment",
      "provider": "provider[\"registry.terraform.io/hashicorp/aws\"]",
      "instances": [
        {
          "schema_version": 0,
          "attributes": {
            "id": "lambda_invocation_role-20260127054637532400000002",
            "policy_arn": "arn:aws:iam::000000000000:policy/lambda_invoke_policy",
            "role": "lambda_invocation_role"
          },
          "sensitive_attributes": [],
          "identity_schema_version": 0,
          "private": "bnVsbA==",
          "dependencies": [
            "aws_iam_policy.lambda_invoke_policy",
            "aws_iam_role.lambda_invocation_role",
            "aws_iam_role.lambda_role",
            "aws_lambda_function.venmo_lambda",
            "data.external.lambda_zip"
          ]
        }
      ]
    },
    {
      "mode": "managed",
      "type": "aws_lambda_function",
      "name": "venmo_lambda",
      "provider": "provider[\"registry.terraform.io/hashicorp/aws\"]",
      "instances": [
        {
          "schema_version": 0,
          "attributes": {
            "architectures": [
              "x86_64"
            ],
            "arn": "arn:aws:lambda:us-east-1:000000000000:function:VenmoActionLambda",
            "code_sha256": "X0doGSADIF6DjlXmh7PoxZA8yQ/iVbOtQ2P3huDcgkI=",
            "code_signing_config_arn": "",
            "dead_letter_config": [],
            "description": "",
            "environment": [
              {
                "variables": {
                  "VENMO_AUTH_TOKEN": "terraform"
                }
              }
            ],
            "ephemeral_storage": [
              {
                "size": 512
              }
            ],
            "file_system_config": [],
            "filename": "./handler.zip",
            "function_name": "VenmoActionLambda",
            "handler": "handler.handler",
            "id": "VenmoActionLambda",
            "image_config": [],
            "image_uri": "",
            "invoke_arn": "arn:aws:apigateway:us-east-1:lambda:path/2015-03-31/functions/arn:aws:lambda:us-east-1:000000000000:function:VenmoActionLambda/invocations",
            "kms_key_arn": "",
            "last_modified": "2026-01-27T05:46:32.362547+0000",
            "layers": null,
            "logging_config": [
              {
                "application_log_level": "",
                "log_format": "Text",
                "log_group": "/aws/lambda/VenmoActionLambda",
                "system_log_level": ""
              }
            ],
            "memory_size": 128,
            "package_type": "Zip",
            "publish": false,
            "qualified_arn": "arn:aws:lambda:us-east-1:000000000000:function:VenmoActionLambda:$LATEST",
            "qualified_invoke_arn": "arn:aws:apigateway:us-east-1:lambda:path/2015-03-31/functions/arn:aws:lambda:us-east-1:000000000000:function:VenmoActionLambda:$LATEST/invocations",
            "replace_security_groups_on_destroy": null,
            "replacement_security_group_ids": null,
            "reserved_concurrent_executions": -1,
            "role": "arn:aws:iam::000000000000:role/lambda_execution_role",
            "runtime": "python3.11",
            "s3_bucket": null,
            "s3_key": null,
            "s3_object_version": null,
            "signing_job_arn": "",
            "signing_profile_version_arn": "",
            "skip_destroy": false,
            "snap_start": [],
            "source_code_hash": "e34c59d2d600fb86e12c9b79505988d88e5198ccf661eae565a6819c67e80fc2",
            "source_code_size": 1204109,
            "tags": null,
            "tags_all": {
              "Project": "venmo_automation",
              "Terraform": "true"
            },
            "timeout": 3,
            "timeouts": null,
            "tracing_config": [
              {
                "mode": "PassThrough"
              }
            ],
            "version": "$LATEST",
            "vpc_config": []
          },
          "sensitive_attributes": [],
          "identity_schema_version": 0,
          "private": "eyJlMmJmYjczMC1lY2FhLTExZTYtOGY4OC0zNDM2M2JjN2M0YzAiOnsiY3JlYXRlIjo2MDAwMDAwMDAwMDAsImRlbGV0ZSI6NjAwMDAwMDAwMDAwLCJ1cGRhdGUiOjYwMDAwMDAwMDAwMH19",
          "dependencies": [
            "aws_iam_role.lambda_role",
            "data.external.lambda_zip"
          ]
        }
      ]
    },
    {
      "mode": "managed",
      "type": "aws_scheduler_schedule",
      "name": "venmo_action_schedule",
      "provider": "provider[\"registry.terraform.io/hashicorp/aws\"]",
      "instances": [
        {
          "index_key": "ExamplePayment",
          "schema_version": 0,
          "attributes": {
            "arn": "arn:aws:scheduler:us-east-1:000000000000:schedule/venmo-schedules/ExamplePayment",
            "description": "Schedule for monthly payment",
            "end_date": "",
            "flexible_time_window": [
              {
                "maximum_window_in_minutes": 15,
                "mode": "FLEXIBLE"
              }
            ],
            "group_name": "venmo-schedules",
            "id": "venmo-schedules/ExamplePayment",
            "kms_key_arn": "",
            "name": "ExamplePayment",
            "name_prefix": "",
            "schedule_expression": "cron(0 9 1 * ? *)",
            "schedule_expression_timezone": "America/Denver",
            "start_date": "",
            "state": "ENABLED",
            "target": [
              {
                "arn": "arn:aws:lambda:us-east-1:000000000000:function:VenmoActionLambda",
                "dead_letter_config": [],
                "ecs_parameters": [],
                "eventbridge_parameters": [],
                "input": "{\"action\":\"payment\",\"amount\":20,\"note\":\"Here's some moneys\",\"recipient_user_name\":\"Matthew-Rice-26\"}",
                "kinesis_parameters": [],
                "retry_policy": [
                  {
                    "maximum_event_age_in_seconds": 86400,
                    "maximum_retry_attempts": 5
                  }
                ],
                "role_arn": "arn:aws:iam::000000000000:role/lambda_invocation_role",
                "sagemaker_pipeline_parameters": [],
                "sqs_parameters": []
              }
            ]
          },
          "sensitive_attributes": [],
          "identity_schema_version": 0,
          "private": "bnVsbA==",
          "dependencies": [
            "aws_iam_role.lambda_invocation_role",
            "aws_iam_role.lambda_role",
            "aws_lambda_function.venmo_lambda",
            "aws_scheduler_schedule_group.venmo_schedule_group",
            "data.external.lambda_zip"
          ]
        },
        {
          "index_key": "ExampleRequest",
          "schema_version": 0,
          "attributes": {
            "arn": "arn:aws:scheduler:us-east-1:000000000000:schedule/venmo-schedules/ExampleRequest",
            "description": "Schedule for monthly request",
            "end_date": "",
            "flexible_time_window": [
              {
                "maximum_window_in_minutes": 15,
                "mode": "FLEXIBLE"
              }
            ],
            "group_name": "venmo-schedules",
            "id": "venmo-schedules/ExampleRequest",
            "kms_key_arn": "",
            "name": "ExampleRequest",
            "name_prefix": "",
            "schedule_expression": "cron(0 13 3 * ? *)",
            "schedule_expression_timezone": "America/Denver",
            "start_date": "",
            "state": "ENABLED",
            "target": [
              {
                "arn": "arn:aws:lambda:us-east-1:000000000000:function:VenmoActionLambda",
                "dead_letter_config": [],
                "ecs_parameters": [],
                "eventbridge_parameters": [],
                "input": "{\"action\":\"request\",\"amount\":20,\"note\":\"Please pay me\",\"recipient_user_name\":\"Matthew-Rice-26\"}",
                "kinesis_parameters": [],
                "retry_policy": [
                  {
                    "maximum_event_age_in_seconds": 86400,
                    "maximum_retry_attempts": 5
                  }
                ],
                "role_arn": "arn:aws:iam::000000000000:role/lambda_invocation_role",
                "sagemaker_pipeline_parameters": [],
                "sqs_parameters": []
              }
            ]
          },
          "sensitive_attributes": [],
          "identity_schema_version": 0,
          "private": "bnVsbA==",
          "dependencies": [
            "aws_iam_role.lambda_invocation_role",
            "aws_iam_role.lambda_role",
            "aws_lambda_function.venmo_lambda",
            "aws_scheduler_schedule_group.venmo_schedule_group",
            "data.external.lambda_zip"
          ]
        }
      ]
    },
    {
      "mode": "managed",
      "type": "aws_scheduler_schedule_group",
      "name": "venmo_schedule_group",
      "provider": "provider[\"registry.terraform.io/hashicorp/aws\"]",
      "instances": [
        {
          "schema_version": 0,
          "attributes": {
            "arn": "arn:aws:scheduler:us-east-1:000000000000:schedule-group/venmo-schedules",
            "creation_date": "2026-01-27T05:46:33Z",
            "id": "venmo-schedules",
            "last_modification_date": "2026-01-27T05:46:33Z",
            "name": "venmo-schedules",
            "name_prefix": "",
            "state": "ACTIVE",
            "tags": null,
            "tags_all": {
              "Project": "venmo_automation",
              "Terraform": "true"
            },
            "timeouts": null
          },
          "sensitive_attributes": [],
          "identity_schema_version": 0,
          "private": "eyJlMmJmYjczMC1lY2FhLTExZTYtOGY4OC0zNDM2M2JjN2M0YzAiOnsiY3JlYXRlIjozMDAwMDAwMDAwMDAsImRlbGV0ZSI6MzAwMDAwMDAwMDAwfX0="
        }
      ]
    },
    {
      "mode": "managed",
      "type": "aws_sns_topic",
      "name": "lambda_failure_topic",
      "provider": "provider[\"registry.terraform.io/hashicorp/aws\"]",
      "instances": [
        {
          "schema_version": 0,
          "attributes": {
            "application_failure_feedback_role_arn": "",
            "application_success_feedback_role_arn": "",
            "application_success_feedback_sample_rate": 0,
            "archive_policy": "",
            "arn": "arn:aws:sns:us-east-1:000000000000:venmo-lambda-failure-notifications",
            "beginning_archive_time": "",
            "content_based_deduplication": false,
            "delivery_policy": "",
            "display_name": "",
            "fifo_throughput_scope": "",
            "fifo_topic": false,
            "firehose_failure_feedback_role_arn": "",
            "firehose_success_feedback_role_arn": "",
            "firehose_success_feedback_sample_rate": 0,
            "http_failure_feedback_role_arn": "",
            "http_success_feedback_role_arn": "",
            "http_success_feedback_sample_rate": 0,
            "id": "arn:aws:sns:us-east-1:000000000000:venmo-lambda-failure-notifications",
            "kms_master_key_id": "",
            "lambda_failure_feedback_role_arn": "",
            "lambda_success_feedback_role_arn": "",
            "lambda_success_feedback_sample_rate": 0,
            "name": "venmo-lambda-failure-notifications",
            "name_prefix": "",
            "owner": "000000000000",
            "policy": "{\"Id\":\"__default_policy_ID\",\"Statement\":[{\"Action\":[\"SNS:GetTopicAttributes\",\"SNS:SetTopicAttributes\",\"SNS:AddPermission\",\"SNS:RemovePermission\",\"SNS:DeleteTopic\",\"SNS:Subscribe\",\"SNS:ListSubscriptionsByTopic\",\"SNS:Publish\"],\"Condition\":{\"StringEquals\":{\"AWS:SourceOwner\":\"000000000000\"}},\"Effect\":\"Allow\",\"Principal\":{\"AWS\":\"*\"},\"Resource\":\"arn:aws:sns:us-east-1:000000000000:venmo-lambda-failure-notifications\",\"Sid\":\"__default_statement_ID\"}],\"Version\":\"2008-10-17\"}",
            "signature_version": 0,
            "sqs_failure_feedback_role_arn": "",
            "sqs_success_feedback_role_arn": "",
            "sqs_success_feedback_sample_rate": 0,
            "tags": null,
            "tags_all": {
              "Project": "venmo_automation",
              "Terraform": "true"
            },
            "tracing_config": ""
          },
          "sensitive_attributes": [],
          "identity_schema_version": 0,
          "private": "bnVsbA=="
        }
      ]
    },
    {
      "mode": "managed",
      "type": "aws_sns_topic_policy",
      "name": "sns_topic_policy",
      "provider": "provider[\"registry.terraform.io/hashicorp/aws\"]",
      "instances": [
        {
          "schema_version": 0,
          "attributes": {
            "arn": "arn:aws:sns:us-east-1:000000000000:venmo-lambda-failure-notifications",
            "id": "arn:aws:sns:us-east-1:000000000000:venmo-lambda-failure-notifications",
            "owner": "000000000000",
            "policy": "{\"Statement\":[{\"Action\":\"SNS:Publish\",\"Effect\":\"Allow\",\"Principal\":{\"Service\":\"cloudwatch.amazonaws.com\"},\"Resource\":\"arn:aws:sns:us-east-1:000000000000:venmo-lambda-failure-notifications\"}],\"Version\":\"2012-10-17\"}"
          },
          "sensitive_attributes": [],
          "identity_schema_version": 0,
          "private": "bnVsbA==",
          "dependencies": [
            "aws_sns_topic.lambda_failure_topic",
            "data.aws_iam_policy_document.sns_topic_policy"
          ]
        }
      ]
    },
    {
      "mode": "managed",
      "type": "aws_sns_topic_subscription",
      "name": "lambda_failure_subscription",
      "provider": "provider[\"registry.terraform.io/hashicorp/aws\"]",
      "instances": [
        {
          "schema_version": 0,
          "attributes": {
            "arn": "arn:aws:sns:us-east-1:000000000000:venmo-lambda-failure-notifications:93901559-1a5b-40fc-a315-f2d7ca5fa70b",
            "confirmation_timeout_in_minutes": 1,
            "confirmation_was_authenticated": false,
            "delivery_policy": "",
            "endpoint": "myemail@gmail.com",
            "endpoint_auto_confirms": false,
            "filter_policy": "",
            "filter_policy_scope": "",
            "id": "arn:aws:sns:us-east-1:000000000000:venmo-lambda-failure-notifications:93901559-1a5b-40fc-a315-f2d7ca5fa70b",
            "owner_id": "000000000000",
            "pending_confirmation": true,
            "protocol": "email",
            "raw_message_delivery": false,
            "redrive_policy": "",
            "replay_policy": "",
            "subscription_role_arn": "",
            "topic_arn": "arn:aws:sns:us-east-1:000000000000:venmo-lambda-failure-notifications"
          },
          "sensitive_attributes": [],
          "identity_schema_version": 0,
          "private": "bnVsbA==",
          "dependencies": [
            "aws_sns_topic.lambda_failure_topic"
          ]
        }
      ]
    }
  ],
  "check_results": null
}
