{
  "version": 4,
  "terraform_version": "1.13.5",
  "serial": 1,
  "lineage": "b9332fff-a80b-c282-c1d0-fba3bb3b5966",
  "outputs": {},
  "resources": [
    {
      "mode": "managed",
      "type": "random_id",
      "name": "suffix",
      "provider": "provider[\"registry.terraform.io/hashicorp/random\"]",
      "instances": [
        {
          "schema_version": 0,
          "attributes": {
            "b64_std": "WJpsrA==",
            "b64_url": "WJpsrA",
            "byte_length": 4,
            "dec": "1486515372",
            "hex": "589a6cac",
            "id": "WJpsrA",
            "keepers": null,
            "prefix": null
          },
          "sensitive_attributes": [],
          "identity_schema_version": 0
        }
      ]
    }
  ],
  "check_results": null
}
