{"format_version":"1.2","terraform_version":"1.13.5","variables":{"admin_cidr_allowlist":{"value":[]},"aws_region":{"value":"us-east-1"},"backup_bucket_force_destroy":{"value":false},"data_volume_size_gb":{"value":50},"enable_ssh":{"value":false},"instance_type":{"value":"t3a.medium"},"minecraft_memory":{"value":"2G"},"minecraft_motd":{"value":"Vanilla Minecraft, Chill Vibes Only"},"minecraft_port":{"value":25565},"minecraft_version":{"value":"1.19.2"},"name":{"value":"phantosio-minecraft"},"public_subnet_cidrs":{"value":["10.20.0.0/24","10.20.1.0/24"]},"rcon_password":{"value":"ai-tf"},"rcon_web_password":{"value":"ai-tf"},"rcon_web_port":{"value":4326},"rcon_web_username":{"value":"admin"},"ssh_key_name":{"value":null},"vpc_cidr":{"value":"10.20.0.0/16"}},"planned_values":{"outputs":{"backup_bucket_name":{"sensitive":false},"instance_id":{"sensitive":false},"minecraft_address":{"sensitive":false},"public_ip":{"sensitive":false},"rcon_web_url":{"sensitive":false}},"root_module":{"resources":[{"address":"aws_ebs_volume.data","mode":"managed","type":"aws_ebs_volume","name":"data","provider_name":"registry.terraform.io/hashicorp/aws","schema_version":0,"values":{"encrypted":true,"final_snapshot":false,"multi_attach_enabled":null,"outpost_arn":null,"size":50,"tags":{"Managed":"terraform","Name":"phantosio-minecraft-data","Project":"phantosio-minecraft"},"tags_all":{"Managed":"terraform","Name":"phantosio-minecraft-data","Project":"phantosio-minecraft"},"timeouts":null,"type":"gp3"},"sensitive_values":{"tags":{},"tags_all":{}}},{"address":"aws_eip.this","mode":"managed","type":"aws_eip","name":"this","provider_name":"registry.terraform.io/hashicorp/aws","schema_version":0,"values":{"address":null,"associate_with_private_ip":null,"customer_owned_ipv4_pool":null,"domain":"vpc","tags":{"Managed":"terraform","Name":"phantosio-minecraft-eip","Project":"phantosio-minecraft"},"tags_all":{"Managed":"terraform","Name":"phantosio-minecraft-eip","Project":"phantosio-minecraft"},"timeouts":null},"sensitive_values":{"tags":{},"tags_all":{}}},{"address":"aws_eip_association.this","mode":"managed","type":"aws_eip_association","name":"this","provider_name":"registry.terraform.io/hashicorp/aws","schema_version":0,"values":{"allow_reassociation":null},"sensitive_values":{}},{"address":"aws_iam_instance_profile.ec2","mode":"managed","type":"aws_iam_instance_profile","name":"ec2","provider_name":"registry.terraform.io/hashicorp/aws","schema_version":0,"values":{"name":"phantosio-minecraft-ec2-profile","path":"/","role":"phantosio-minecraft-ec2-role","tags":{"Managed":"terraform","Project":"phantosio-minecraft"},"tags_all":{"Managed":"terraform","Project":"phantosio-minecraft"}},"sensitive_values":{"tags":{},"tags_all":{}}},{"address":"aws_iam_policy.s3_backup","mode":"managed","type":"aws_iam_policy","name":"s3_backup","provider_name":"registry.terraform.io/hashicorp/aws","schema_version":0,"values":{"description":null,"name":"phantosio-minecraft-s3-backup","path":"/","tags":{"Managed":"terraform","Project":"phantosio-minecraft"},"tags_all":{"Managed":"terraform","Project":"phantosio-minecraft"}},"sensitive_values":{"tags":{},"tags_all":{}}},{"address":"aws_iam_role.ec2","mode":"managed","type":"aws_iam_role","name":"ec2","provider_name":"registry.terraform.io/hashicorp/aws","schema_version":0,"values":{"assume_role_policy":"{\"Statement\":[{\"Action\":\"sts:AssumeRole\",\"Effect\":\"Allow\",\"Principal\":{\"Service\":\"ec2.amazonaws.com\"}}],\"Version\":\"2012-10-17\"}","description":null,"force_detach_policies":false,"max_session_duration":3600,"name":"phantosio-minecraft-ec2-role","path":"/","permissions_boundary":null,"tags":{"Managed":"terraform","Project":"phantosio-minecraft"},"tags_all":{"Managed":"terraform","Project":"phantosio-minecraft"}},"sensitive_values":{"inline_policy":[],"managed_policy_arns":[],"tags":{},"tags_all":{}}},{"address":"aws_iam_role_policy_attachment.cw_agent","mode":"managed","type":"aws_iam_role_policy_attachment","name":"cw_agent","provider_name":"registry.terraform.io/hashicorp/aws","schema_version":0,"values":{"policy_arn":"arn:aws:iam::aws:policy/CloudWatchAgentServerPolicy","role":"phantosio-minecraft-ec2-role"},"sensitive_values":{}},{"address":"aws_iam_role_policy_attachment.s3_backup","mode":"managed","type":"aws_iam_role_policy_attachment","name":"s3_backup","provider_name":"registry.terraform.io/hashicorp/aws","schema_version":0,"values":{"role":"phantosio-minecraft-ec2-role"},"sensitive_values":{}},{"address":"aws_iam_role_policy_attachment.ssm","mode":"managed","type":"aws_iam_role_policy_attachment","name":"ssm","provider_name":"registry.terraform.io/hashicorp/aws","schema_version":0,"values":{"policy_arn":"arn:aws:iam::aws:policy/AmazonSSMManagedInstanceCore","role":"phantosio-minecraft-ec2-role"},"sensitive_values":{}},{"address":"aws_instance.this","mode":"managed","type":"aws_instance","name":"this","provider_name":"registry.terraform.io/hashicorp/aws","schema_version":1,"values":{"ami":"ami-07c1fa5792ef8fe27","credit_specification":[],"get_password_data":false,"hibernation":null,"iam_instance_profile":"phantosio-minecraft-ec2-profile","instance_type":"t3a.medium","launch_template":[],"metadata_options":[{"http_endpoint":"enabled","http_protocol_ipv6":"disabled","http_put_response_hop_limit":2,"http_tokens":"required"}],"root_block_device":[{"delete_on_termination":true,"encrypted":true,"tags":null,"volume_size":20,"volume_type":"gp3"}],"source_dest_check":true,"tags":{"Managed":"terraform","Name":"phantosio-minecraft-ec2","Project":"phantosio-minecraft"},"tags_all":{"Managed":"terraform","Name":"phantosio-minecraft-ec2","Project":"phantosio-minecraft"},"timeouts":null,"user_data_replace_on_change":false,"volume_tags":null},"sensitive_values":{"capacity_reservation_specification":[],"cpu_options":[],"credit_specification":[],"ebs_block_device":[],"enclave_options":[],"ephemeral_block_device":[],"instance_market_options":[],"ipv6_addresses":[],"launch_template":[],"maintenance_options":[],"metadata_options":[{}],"network_interface":[],"private_dns_name_options":[],"root_block_device":[{"tags_all":{}}],"secondary_private_ips":[],"security_groups":[],"tags":{},"tags_all":{},"user_data":true,"vpc_security_group_ids":[]}},{"address":"aws_internet_gateway.this","mode":"managed","type":"aws_internet_gateway","name":"this","provider_name":"registry.terraform.io/hashicorp/aws","schema_version":0,"values":{"tags":{"Managed":"terraform","Name":"phantosio-minecraft-igw","Project":"phantosio-minecraft"},"tags_all":{"Managed":"terraform","Name":"phantosio-minecraft-igw","Project":"phantosio-minecraft"},"timeouts":null},"sensitive_values":{"tags":{},"tags_all":{}}},{"address":"aws_route.public_internet","mode":"managed","type":"aws_route","name":"public_internet","provider_name":"registry.terraform.io/hashicorp/aws","schema_version":0,"values":{"carrier_gateway_id":null,"core_network_arn":null,"destination_cidr_block":"0.0.0.0/0","destination_ipv6_cidr_block":null,"destination_prefix_list_id":null,"egress_only_gateway_id":null,"local_gateway_id":null,"nat_gateway_id":null,"timeouts":null,"transit_gateway_id":null,"vpc_endpoint_id":null,"vpc_peering_connection_id":null},"sensitive_values":{}},{"address":"aws_route_table.public","mode":"managed","type":"aws_route_table","name":"public","provider_name":"registry.terraform.io/hashicorp/aws","schema_version":0,"values":{"tags":{"Managed":"terraform","Name":"phantosio-minecraft-public-rt","Project":"phantosio-minecraft"},"tags_all":{"Managed":"terraform","Name":"phantosio-minecraft-public-rt","Project":"phantosio-minecraft"},"timeouts":null},"sensitive_values":{"propagating_vgws":[],"route":[],"tags":{},"tags_all":{}}},{"address":"aws_route_table_association.public[0]","mode":"managed","type":"aws_route_table_association","name":"public","index":0,"provider_name":"registry.terraform.io/hashicorp/aws","schema_version":0,"values":{"gateway_id":null,"timeouts":null},"sensitive_values":{}},{"address":"aws_route_table_association.public[1]","mode":"managed","type":"aws_route_table_association","name":"public","index":1,"provider_name":"registry.terraform.io/hashicorp/aws","schema_version":0,"values":{"gateway_id":null,"timeouts":null},"sensitive_values":{}},{"address":"aws_s3_bucket.backups","mode":"managed","type":"aws_s3_bucket","name":"backups","provider_name":"registry.terraform.io/hashicorp/aws","schema_version":0,"values":{"bucket_prefix":"phantosio-minecraft-backups-","force_destroy":false,"tags":{"Managed":"terraform","Name":"phantosio-minecraft-backups","Project":"phantosio-minecraft"},"tags_all":{"Managed":"terraform","Name":"phantosio-minecraft-backups","Project":"phantosio-minecraft"},"timeouts":null},"sensitive_values":{"cors_rule":[],"grant":[],"lifecycle_rule":[],"logging":[],"object_lock_configuration":[],"replication_configuration":[],"server_side_encryption_configuration":[],"tags":{},"tags_all":{},"versioning":[],"website":[]}},{"address":"aws_s3_bucket_lifecycle_configuration.backups","mode":"managed","type":"aws_s3_bucket_lifecycle_configuration","name":"backups","provider_name":"registry.terraform.io/hashicorp/aws","schema_version":1,"values":{"rule":[{"abort_incomplete_multipart_upload":[],"expiration":[{"date":null,"days":365,"expired_object_delete_marker":false}],"filter":[{"and":[],"object_size_greater_than":null,"object_size_less_than":null,"prefix":"","tag":[]}],"id":"transition-to-glacier","noncurrent_version_expiration":[{"newer_noncurrent_versions":null,"noncurrent_days":30}],"noncurrent_version_transition":[],"prefix":"","status":"Enabled","transition":[{"date":null,"days":30,"storage_class":"GLACIER"}]}],"timeouts":null,"transition_default_minimum_object_size":"all_storage_classes_128K"},"sensitive_values":{"rule":[{"abort_incomplete_multipart_upload":[],"expiration":[{}],"filter":[{"and":[],"tag":[]}],"noncurrent_version_expiration":[{}],"noncurrent_version_transition":[],"transition":[{}]}]}},{"address":"aws_s3_bucket_public_access_block.backups","mode":"managed","type":"aws_s3_bucket_public_access_block","name":"backups","provider_name":"registry.terraform.io/hashicorp/aws","schema_version":0,"values":{"block_public_acls":true,"block_public_policy":true,"ignore_public_acls":true,"restrict_public_buckets":true},"sensitive_values":{}},{"address":"aws_s3_bucket_server_side_encryption_configuration.backups","mode":"managed","type":"aws_s3_bucket_server_side_encryption_configuration","name":"backups","provider_name":"registry.terraform.io/hashicorp/aws","schema_version":0,"values":{"expected_bucket_owner":null,"rule":[{"apply_server_side_encryption_by_default":[{"kms_master_key_id":"","sse_algorithm":"AES256"}],"bucket_key_enabled":null}]},"sensitive_values":{"rule":[{"apply_server_side_encryption_by_default":[{}]}]}},{"address":"aws_s3_bucket_versioning.backups","mode":"managed","type":"aws_s3_bucket_versioning","name":"backups","provider_name":"registry.terraform.io/hashicorp/aws","schema_version":0,"values":{"expected_bucket_owner":null,"mfa":null,"versioning_configuration":[{"status":"Enabled"}]},"sensitive_values":{"versioning_configuration":[{}]}},{"address":"aws_security_group.ec2","mode":"managed","type":"aws_security_group","name":"ec2","provider_name":"registry.terraform.io/hashicorp/aws","schema_version":1,"values":{"description":"Security group for Minecraft EC2 host","egress":[{"cidr_blocks":["0.0.0.0/0"],"description":"All outbound","from_port":0,"ipv6_cidr_blocks":[],"prefix_list_ids":[],"protocol":"-1","security_groups":[],"self":false,"to_port":0}],"ingress":[{"cidr_blocks":["0.0.0.0/0"],"description":"Minecraft (proxy)","from_port":25565,"ipv6_cidr_blocks":[],"prefix_list_ids":[],"protocol":"tcp","security_groups":[],"self":false,"to_port":25565}],"name":"phantosio-minecraft-ec2","revoke_rules_on_delete":false,"tags":{"Managed":"terraform","Name":"phantosio-minecraft-ec2","Project":"phantosio-minecraft"},"tags_all":{"Managed":"terraform","Name":"phantosio-minecraft-ec2","Project":"phantosio-minecraft"},"timeouts":null},"sensitive_values":{"egress":[{"cidr_blocks":[false],"ipv6_cidr_blocks":[],"prefix_list_ids":[],"security_groups":[]}],"ingress":[{"cidr_blocks":[false],"ipv6_cidr_blocks":[],"prefix_list_ids":[],"security_groups":[]}],"tags":{},"tags_all":{}}},{"address":"aws_subnet.public[0]","mode":"managed","type":"aws_subnet","name":"public","index":0,"provider_name":"registry.terraform.io/hashicorp/aws","schema_version":1,"values":{"assign_ipv6_address_on_creation":false,"availability_zone":"us-east-1a","cidr_block":"10.20.0.0/24","customer_owned_ipv4_pool":null,"enable_dns64":false,"enable_lni_at_device_index":null,"enable_resource_name_dns_a_record_on_launch":false,"enable_resource_name_dns_aaaa_record_on_launch":false,"ipv6_cidr_block":null,"ipv6_native":false,"map_customer_owned_ip_on_launch":null,"map_public_ip_on_launch":true,"outpost_arn":null,"tags":{"Managed":"terraform","Name":"phantosio-minecraft-public-1","Project":"phantosio-minecraft"},"tags_all":{"Managed":"terraform","Name":"phantosio-minecraft-public-1","Project":"phantosio-minecraft"},"timeouts":null},"sensitive_values":{"tags":{},"tags_all":{}}},{"address":"aws_subnet.public[1]","mode":"managed","type":"aws_subnet","name":"public","index":1,"provider_name":"registry.terraform.io/hashicorp/aws","schema_version":1,"values":{"assign_ipv6_address_on_creation":false,"availability_zone":"us-east-1b","cidr_block":"10.20.1.0/24","customer_owned_ipv4_pool":null,"enable_dns64":false,"enable_lni_at_device_index":null,"enable_resource_name_dns_a_record_on_launch":false,"enable_resource_name_dns_aaaa_record_on_launch":false,"ipv6_cidr_block":null,"ipv6_native":false,"map_customer_owned_ip_on_launch":null,"map_public_ip_on_launch":true,"outpost_arn":null,"tags":{"Managed":"terraform","Name":"phantosio-minecraft-public-2","Project":"phantosio-minecraft"},"tags_all":{"Managed":"terraform","Name":"phantosio-minecraft-public-2","Project":"phantosio-minecraft"},"timeouts":null},"sensitive_values":{"tags":{},"tags_all":{}}},{"address":"aws_volume_attachment.data","mode":"managed","type":"aws_volume_attachment","name":"data","provider_name":"registry.terraform.io/hashicorp/aws","schema_version":0,"values":{"device_name":"/dev/xvdf","force_detach":null,"skip_destroy":null,"stop_instance_before_detaching":null,"timeouts":null},"sensitive_values":{}},{"address":"aws_vpc.this","mode":"managed","type":"aws_vpc","name":"this","provider_name":"registry.terraform.io/hashicorp/aws","schema_version":1,"values":{"assign_generated_ipv6_cidr_block":null,"cidr_block":"10.20.0.0/16","enable_dns_hostnames":true,"enable_dns_support":true,"instance_tenancy":"default","ipv4_ipam_pool_id":null,"ipv4_netmask_length":null,"ipv6_ipam_pool_id":null,"ipv6_netmask_length":null,"tags":{"Managed":"terraform","Name":"phantosio-minecraft-vpc","Project":"phantosio-minecraft"},"tags_all":{"Managed":"terraform","Name":"phantosio-minecraft-vpc","Project":"phantosio-minecraft"}},"sensitive_values":{"tags":{},"tags_all":{}}},{"address":"data.aws_iam_policy_document.s3_backup","mode":"data","type":"aws_iam_policy_document","name":"s3_backup","provider_name":"registry.terraform.io/hashicorp/aws","schema_version":0,"values":{"override_json":null,"override_policy_documents":null,"policy_id":null,"source_json":null,"source_policy_documents":null,"statement":[{"actions":["s3:GetBucketLocation","s3:ListBucket"],"condition":[],"effect":"Allow","not_actions":null,"not_principals":[],"not_resources":null,"principals":[],"resources":[null],"sid":"ListBucket"},{"actions":["s3:AbortMultipartUpload","s3:DeleteObject","s3:GetObject","s3:ListBucketMultipartUploads","s3:ListMultipartUploadParts","s3:PutObject"],"condition":[],"effect":"Allow","not_actions":null,"not_principals":[],"not_resources":null,"principals":[],"resources":[null],"sid":"ObjectRW"}],"version":null},"sensitive_values":{"statement":[{"actions":[false,false],"condition":[],"not_principals":[],"principals":[],"resources":[false]},{"actions":[false,false,false,false,false,false],"condition":[],"not_principals":[],"principals":[],"resources":[false]}]}}]}},"resource_changes":[{"address":"data.aws_iam_policy_document.s3_backup","mode":"data","type":"aws_iam_policy_document","name":"s3_backup","provider_name":"registry.terraform.io/hashicorp/aws","change":{"actions":["read"],"before":null,"after":{"override_json":null,"override_policy_documents":null,"policy_id":null,"source_json":null,"source_policy_documents":null,"statement":[{"actions":["s3:GetBucketLocation","s3:ListBucket"],"condition":[],"effect":"Allow","not_actions":null,"not_principals":[],"not_resources":null,"principals":[],"resources":[null],"sid":"ListBucket"},{"actions":["s3:AbortMultipartUpload","s3:DeleteObject","s3:GetObject","s3:ListBucketMultipartUploads","s3:ListMultipartUploadParts","s3:PutObject"],"condition":[],"effect":"Allow","not_actions":null,"not_principals":[],"not_resources":null,"principals":[],"resources":[null],"sid":"ObjectRW"}],"version":null},"after_unknown":{"id":true,"json":true,"minified_json":true,"statement":[{"actions":[false,false],"condition":[],"not_principals":[],"principals":[],"resources":[true]},{"actions":[false,false,false,false,false,false],"condition":[],"not_principals":[],"principals":[],"resources":[true]}]},"before_sensitive":false,"after_sensitive":{"statement":[{"actions":[false,false],"condition":[],"not_principals":[],"principals":[],"resources":[false]},{"actions":[false,false,false,false,false,false],"condition":[],"not_principals":[],"principals":[],"resources":[false]}]}},"action_reason":"read_because_config_unknown"},{"address":"aws_ebs_volume.data","mode":"managed","type":"aws_ebs_volume","name":"data","provider_name":"registry.terraform.io/hashicorp/aws","change":{"actions":["create"],"before":null,"after":{"encrypted":true,"final_snapshot":false,"multi_attach_enabled":null,"outpost_arn":null,"size":50,"tags":{"Managed":"terraform","Name":"phantosio-minecraft-data","Project":"phantosio-minecraft"},"tags_all":{"Managed":"terraform","Name":"phantosio-minecraft-data","Project":"phantosio-minecraft"},"timeouts":null,"type":"gp3"},"after_unknown":{"arn":true,"availability_zone":true,"create_time":true,"id":true,"iops":true,"kms_key_id":true,"snapshot_id":true,"tags":{},"tags_all":{},"throughput":true},"before_sensitive":false,"after_sensitive":{"tags":{},"tags_all":{}}}},{"address":"aws_eip.this","mode":"managed","type":"aws_eip","name":"this","provider_name":"registry.terraform.io/hashicorp/aws","change":{"actions":["create"],"before":null,"after":{"address":null,"associate_with_private_ip":null,"customer_owned_ipv4_pool":null,"domain":"vpc","tags":{"Managed":"terraform","Name":"phantosio-minecraft-eip","Project":"phantosio-minecraft"},"tags_all":{"Managed":"terraform","Name":"phantosio-minecraft-eip","Project":"phantosio-minecraft"},"timeouts":null},"after_unknown":{"allocation_id":true,"arn":true,"association_id":true,"carrier_ip":true,"customer_owned_ip":true,"id":true,"instance":true,"ipam_pool_id":true,"network_border_group":true,"network_interface":true,"private_dns":true,"private_ip":true,"ptr_record":true,"public_dns":true,"public_ip":true,"public_ipv4_pool":true,"tags":{},"tags_all":{},"vpc":true},"before_sensitive":false,"after_sensitive":{"tags":{},"tags_all":{}}}},{"address":"aws_eip_association.this","mode":"managed","type":"aws_eip_association","name":"this","provider_name":"registry.terraform.io/hashicorp/aws","change":{"actions":["create"],"before":null,"after":{"allow_reassociation":null},"after_unknown":{"allocation_id":true,"id":true,"instance_id":true,"network_interface_id":true,"private_ip_address":true,"public_ip":true},"before_sensitive":false,"after_sensitive":{}}},{"address":"aws_iam_instance_profile.ec2","mode":"managed","type":"aws_iam_instance_profile","name":"ec2","provider_name":"registry.terraform.io/hashicorp/aws","change":{"actions":["create"],"before":null,"after":{"name":"phantosio-minecraft-ec2-profile","path":"/","role":"phantosio-minecraft-ec2-role","tags":{"Managed":"terraform","Project":"phantosio-minecraft"},"tags_all":{"Managed":"terraform","Project":"phantosio-minecraft"}},"after_unknown":{"arn":true,"create_date":true,"id":true,"name_prefix":true,"tags":{},"tags_all":{},"unique_id":true},"before_sensitive":false,"after_sensitive":{"tags":{},"tags_all":{}}}},{"address":"aws_iam_policy.s3_backup","mode":"managed","type":"aws_iam_policy","name":"s3_backup","provider_name":"registry.terraform.io/hashicorp/aws","change":{"actions":["create"],"before":null,"after":{"description":null,"name":"phantosio-minecraft-s3-backup","path":"/","tags":{"Managed":"terraform","Project":"phantosio-minecraft"},"tags_all":{"Managed":"terraform","Project":"phantosio-minecraft"}},"after_unknown":{"arn":true,"attachment_count":true,"id":true,"name_prefix":true,"policy":true,"policy_id":true,"tags":{},"tags_all":{}},"before_sensitive":false,"after_sensitive":{"tags":{},"tags_all":{}}}},{"address":"aws_iam_role.ec2","mode":"managed","type":"aws_iam_role","name":"ec2","provider_name":"registry.terraform.io/hashicorp/aws","change":{"actions":["create"],"before":null,"after":{"assume_role_policy":"{\"Statement\":[{\"Action\":\"sts:AssumeRole\",\"Effect\":\"Allow\",\"Principal\":{\"Service\":\"ec2.amazonaws.com\"}}],\"Version\":\"2012-10-17\"}","description":null,"force_detach_policies":false,"max_session_duration":3600,"name":"phantosio-minecraft-ec2-role","path":"/","permissions_boundary":null,"tags":{"Managed":"terraform","Project":"phantosio-minecraft"},"tags_all":{"Managed":"terraform","Project":"phantosio-minecraft"}},"after_unknown":{"arn":true,"create_date":true,"id":true,"inline_policy":true,"managed_policy_arns":true,"name_prefix":true,"tags":{},"tags_all":{},"unique_id":true},"before_sensitive":false,"after_sensitive":{"inline_policy":[],"managed_policy_arns":[],"tags":{},"tags_all":{}}}},{"address":"aws_iam_role_policy_attachment.cw_agent","mode":"managed","type":"aws_iam_role_policy_attachment","name":"cw_agent","provider_name":"registry.terraform.io/hashicorp/aws","change":{"actions":["create"],"before":null,"after":{"policy_arn":"arn:aws:iam::aws:policy/CloudWatchAgentServerPolicy","role":"phantosio-minecraft-ec2-role"},"after_unknown":{"id":true},"before_sensitive":false,"after_sensitive":{}}},{"address":"aws_iam_role_policy_attachment.s3_backup","mode":"managed","type":"aws_iam_role_policy_attachment","name":"s3_backup","provider_name":"registry.terraform.io/hashicorp/aws","change":{"actions":["create"],"before":null,"after":{"role":"phantosio-minecraft-ec2-role"},"after_unknown":{"id":true,"policy_arn":true},"before_sensitive":false,"after_sensitive":{}}},{"address":"aws_iam_role_policy_attachment.ssm","mode":"managed","type":"aws_iam_role_policy_attachment","name":"ssm","provider_name":"registry.terraform.io/hashicorp/aws","change":{"actions":["create"],"before":null,"after":{"policy_arn":"arn:aws:iam::aws:policy/AmazonSSMManagedInstanceCore","role":"phantosio-minecraft-ec2-role"},"after_unknown":{"id":true},"before_sensitive":false,"after_sensitive":{}}},{"address":"aws_instance.this","mode":"managed","type":"aws_instance","name":"this","provider_name":"registry.terraform.io/hashicorp/aws","change":{"actions":["create"],"before":null,"after":{"ami":"ami-07c1fa5792ef8fe27","credit_specification":[],"get_password_data":false,"hibernation":null,"iam_instance_profile":"phantosio-minecraft-ec2-profile","instance_type":"t3a.medium","launch_template":[],"metadata_options":[{"http_endpoint":"enabled","http_protocol_ipv6":"disabled","http_put_response_hop_limit":2,"http_tokens":"required"}],"root_block_device":[{"delete_on_termination":true,"encrypted":true,"tags":null,"volume_size":20,"volume_type":"gp3"}],"source_dest_check":true,"tags":{"Managed":"terraform","Name":"phantosio-minecraft-ec2","Project":"phantosio-minecraft"},"tags_all":{"Managed":"terraform","Name":"phantosio-minecraft-ec2","Project":"phantosio-minecraft"},"timeouts":null,"user_data_replace_on_change":false,"volume_tags":null},"after_unknown":{"arn":true,"associate_public_ip_address":true,"availability_zone":true,"capacity_reservation_specification":true,"cpu_core_count":true,"cpu_options":true,"cpu_threads_per_core":true,"credit_specification":[],"disable_api_stop":true,"disable_api_termination":true,"ebs_block_device":true,"ebs_optimized":true,"enable_primary_ipv6":true,"enclave_options":true,"ephemeral_block_device":true,"host_id":true,"host_resource_group_arn":true,"id":true,"instance_initiated_shutdown_behavior":true,"instance_lifecycle":true,"instance_market_options":true,"instance_state":true,"ipv6_address_count":true,"ipv6_addresses":true,"key_name":true,"launch_template":[],"maintenance_options":true,"metadata_options":[{"instance_metadata_tags":true}],"monitoring":true,"network_interface":true,"outpost_arn":true,"password_data":true,"placement_group":true,"placement_partition_number":true,"primary_network_interface_id":true,"private_dns":true,"private_dns_name_options":true,"private_ip":true,"public_dns":true,"public_ip":true,"root_block_device":[{"device_name":true,"iops":true,"kms_key_id":true,"tags_all":true,"throughput":true,"volume_id":true}],"secondary_private_ips":true,"security_groups":true,"spot_instance_request_id":true,"subnet_id":true,"tags":{},"tags_all":{},"tenancy":true,"user_data":true,"user_data_base64":true,"vpc_security_group_ids":true},"before_sensitive":false,"after_sensitive":{"capacity_reservation_specification":[],"cpu_options":[],"credit_specification":[],"ebs_block_device":[],"enclave_options":[],"ephemeral_block_device":[],"instance_market_options":[],"ipv6_addresses":[],"launch_template":[],"maintenance_options":[],"metadata_options":[{}],"network_interface":[],"private_dns_name_options":[],"root_block_device":[{"tags_all":{}}],"secondary_private_ips":[],"security_groups":[],"tags":{},"tags_all":{},"user_data":true,"vpc_security_group_ids":[]}}},{"address":"aws_internet_gateway.this","mode":"managed","type":"aws_internet_gateway","name":"this","provider_name":"registry.terraform.io/hashicorp/aws","change":{"actions":["create"],"before":null,"after":{"tags":{"Managed":"terraform","Name":"phantosio-minecraft-igw","Project":"phantosio-minecraft"},"tags_all":{"Managed":"terraform","Name":"phantosio-minecraft-igw","Project":"phantosio-minecraft"},"timeouts":null},"after_unknown":{"arn":true,"id":true,"owner_id":true,"tags":{},"tags_all":{},"vpc_id":true},"before_sensitive":false,"after_sensitive":{"tags":{},"tags_all":{}}}},{"address":"aws_route.public_internet","mode":"managed","type":"aws_route","name":"public_internet","provider_name":"registry.terraform.io/hashicorp/aws","change":{"actions":["create"],"before":null,"after":{"carrier_gateway_id":null,"core_network_arn":null,"destination_cidr_block":"0.0.0.0/0","destination_ipv6_cidr_block":null,"destination_prefix_list_id":null,"egress_only_gateway_id":null,"local_gateway_id":null,"nat_gateway_id":null,"timeouts":null,"transit_gateway_id":null,"vpc_endpoint_id":null,"vpc_peering_connection_id":null},"after_unknown":{"gateway_id":true,"id":true,"instance_id":true,"instance_owner_id":true,"network_interface_id":true,"origin":true,"route_table_id":true,"state":true},"before_sensitive":false,"after_sensitive":{}}},{"address":"aws_route_table.public","mode":"managed","type":"aws_route_table","name":"public","provider_name":"registry.terraform.io/hashicorp/aws","change":{"actions":["create"],"before":null,"after":{"tags":{"Managed":"terraform","Name":"phantosio-minecraft-public-rt","Project":"phantosio-minecraft"},"tags_all":{"Managed":"terraform","Name":"phantosio-minecraft-public-rt","Project":"phantosio-minecraft"},"timeouts":null},"after_unknown":{"arn":true,"id":true,"owner_id":true,"propagating_vgws":true,"route":true,"tags":{},"tags_all":{},"vpc_id":true},"before_sensitive":false,"after_sensitive":{"propagating_vgws":[],"route":[],"tags":{},"tags_all":{}}}},{"address":"aws_route_table_association.public[0]","mode":"managed","type":"aws_route_table_association","name":"public","index":0,"provider_name":"registry.terraform.io/hashicorp/aws","change":{"actions":["create"],"before":null,"after":{"gateway_id":null,"timeouts":null},"after_unknown":{"id":true,"route_table_id":true,"subnet_id":true},"before_sensitive":false,"after_sensitive":{}}},{"address":"aws_route_table_association.public[1]","mode":"managed","type":"aws_route_table_association","name":"public","index":1,"provider_name":"registry.terraform.io/hashicorp/aws","change":{"actions":["create"],"before":null,"after":{"gateway_id":null,"timeouts":null},"after_unknown":{"id":true,"route_table_id":true,"subnet_id":true},"before_sensitive":false,"after_sensitive":{}}},{"address":"aws_s3_bucket.backups","mode":"managed","type":"aws_s3_bucket","name":"backups","provider_name":"registry.terraform.io/hashicorp/aws","change":{"actions":["create"],"before":null,"after":{"bucket_prefix":"phantosio-minecraft-backups-","force_destroy":false,"tags":{"Managed":"terraform","Name":"phantosio-minecraft-backups","Project":"phantosio-minecraft"},"tags_all":{"Managed":"terraform","Name":"phantosio-minecraft-backups","Project":"phantosio-minecraft"},"timeouts":null},"after_unknown":{"acceleration_status":true,"acl":true,"arn":true,"bucket":true,"bucket_domain_name":true,"bucket_regional_domain_name":true,"cors_rule":true,"grant":true,"hosted_zone_id":true,"id":true,"lifecycle_rule":true,"logging":true,"object_lock_configuration":true,"object_lock_enabled":true,"policy":true,"region":true,"replication_configuration":true,"request_payer":true,"server_side_encryption_configuration":true,"tags":{},"tags_all":{},"versioning":true,"website":true,"website_domain":true,"website_endpoint":true},"before_sensitive":false,"after_sensitive":{"cors_rule":[],"grant":[],"lifecycle_rule":[],"logging":[],"object_lock_configuration":[],"replication_configuration":[],"server_side_encryption_configuration":[],"tags":{},"tags_all":{},"versioning":[],"website":[]}}},{"address":"aws_s3_bucket_lifecycle_configuration.backups","mode":"managed","type":"aws_s3_bucket_lifecycle_configuration","name":"backups","provider_name":"registry.terraform.io/hashicorp/aws","change":{"actions":["create"],"before":null,"after":{"rule":[{"abort_incomplete_multipart_upload":[],"expiration":[{"date":null,"days":365,"expired_object_delete_marker":false}],"filter":[{"and":[],"object_size_greater_than":null,"object_size_less_than":null,"prefix":"","tag":[]}],"id":"transition-to-glacier","noncurrent_version_expiration":[{"newer_noncurrent_versions":null,"noncurrent_days":30}],"noncurrent_version_transition":[],"prefix":"","status":"Enabled","transition":[{"date":null,"days":30,"storage_class":"GLACIER"}]}],"timeouts":null,"transition_default_minimum_object_size":"all_storage_classes_128K"},"after_unknown":{"bucket":true,"expected_bucket_owner":true,"id":true,"rule":[{"abort_incomplete_multipart_upload":[],"expiration":[{}],"filter":[{"and":[],"tag":[]}],"noncurrent_version_expiration":[{}],"noncurrent_version_transition":[],"transition":[{}]}]},"before_sensitive":false,"after_sensitive":{"rule":[{"abort_incomplete_multipart_upload":[],"expiration":[{}],"filter":[{"and":[],"tag":[]}],"noncurrent_version_expiration":[{}],"noncurrent_version_transition":[],"transition":[{}]}]}}},{"address":"aws_s3_bucket_public_access_block.backups","mode":"managed","type":"aws_s3_bucket_public_access_block","name":"backups","provider_name":"registry.terraform.io/hashicorp/aws","change":{"actions":["create"],"before":null,"after":{"block_public_acls":true,"block_public_policy":true,"ignore_public_acls":true,"restrict_public_buckets":true},"after_unknown":{"bucket":true,"id":true},"before_sensitive":false,"after_sensitive":{}}},{"address":"aws_s3_bucket_server_side_encryption_configuration.backups","mode":"managed","type":"aws_s3_bucket_server_side_encryption_configuration","name":"backups","provider_name":"registry.terraform.io/hashicorp/aws","change":{"actions":["create"],"before":null,"after":{"expected_bucket_owner":null,"rule":[{"apply_server_side_encryption_by_default":[{"kms_master_key_id":"","sse_algorithm":"AES256"}],"bucket_key_enabled":null}]},"after_unknown":{"bucket":true,"id":true,"rule":[{"apply_server_side_encryption_by_default":[{}]}]},"before_sensitive":false,"after_sensitive":{"rule":[{"apply_server_side_encryption_by_default":[{}]}]}}},{"address":"aws_s3_bucket_versioning.backups","mode":"managed","type":"aws_s3_bucket_versioning","name":"backups","provider_name":"registry.terraform.io/hashicorp/aws","change":{"actions":["create"],"before":null,"after":{"expected_bucket_owner":null,"mfa":null,"versioning_configuration":[{"status":"Enabled"}]},"after_unknown":{"bucket":true,"id":true,"versioning_configuration":[{"mfa_delete":true}]},"before_sensitive":false,"after_sensitive":{"versioning_configuration":[{}]}}},{"address":"aws_security_group.ec2","mode":"managed","type":"aws_security_group","name":"ec2","provider_name":"registry.terraform.io/hashicorp/aws","change":{"actions":["create"],"before":null,"after":{"description":"Security group for Minecraft EC2 host","egress":[{"cidr_blocks":["0.0.0.0/0"],"description":"All outbound","from_port":0,"ipv6_cidr_blocks":[],"prefix_list_ids":[],"protocol":"-1","security_groups":[],"self":false,"to_port":0}],"ingress":[{"cidr_blocks":["0.0.0.0/0"],"description":"Minecraft (proxy)","from_port":25565,"ipv6_cidr_blocks":[],"prefix_list_ids":[],"protocol":"tcp","security_groups":[],"self":false,"to_port":25565}],"name":"phantosio-minecraft-ec2","revoke_rules_on_delete":false,"tags":{"Managed":"terraform","Name":"phantosio-minecraft-ec2","Project":"phantosio-minecraft"},"tags_all":{"Managed":"terraform","Name":"phantosio-minecraft-ec2","Project":"phantosio-minecraft"},"timeouts":null},"after_unknown":{"arn":true,"egress":[{"cidr_blocks":[false],"ipv6_cidr_blocks":[],"prefix_list_ids":[],"security_groups":[]}],"id":true,"ingress":[{"cidr_blocks":[false],"ipv6_cidr_blocks":[],"prefix_list_ids":[],"security_groups":[]}],"name_prefix":true,"owner_id":true,"tags":{},"tags_all":{},"vpc_id":true},"before_sensitive":false,"after_sensitive":{"egress":[{"cidr_blocks":[false],"ipv6_cidr_blocks":[],"prefix_list_ids":[],"security_groups":[]}],"ingress":[{"cidr_blocks":[false],"ipv6_cidr_blocks":[],"prefix_list_ids":[],"security_groups":[]}],"tags":{},"tags_all":{}}}},{"address":"aws_subnet.public[0]","mode":"managed","type":"aws_subnet","name":"public","index":0,"provider_name":"registry.terraform.io/hashicorp/aws","change":{"actions":["create"],"before":null,"after":{"assign_ipv6_address_on_creation":false,"availability_zone":"us-east-1a","cidr_block":"10.20.0.0/24","customer_owned_ipv4_pool":null,"enable_dns64":false,"enable_lni_at_device_index":null,"enable_resource_name_dns_a_record_on_launch":false,"enable_resource_name_dns_aaaa_record_on_launch":false,"ipv6_cidr_block":null,"ipv6_native":false,"map_customer_owned_ip_on_launch":null,"map_public_ip_on_launch":true,"outpost_arn":null,"tags":{"Managed":"terraform","Name":"phantosio-minecraft-public-1","Project":"phantosio-minecraft"},"tags_all":{"Managed":"terraform","Name":"phantosio-minecraft-public-1","Project":"phantosio-minecraft"},"timeouts":null},"after_unknown":{"arn":true,"availability_zone_id":true,"id":true,"ipv6_cidr_block_association_id":true,"owner_id":true,"private_dns_hostname_type_on_launch":true,"tags":{},"tags_all":{},"vpc_id":true},"before_sensitive":false,"after_sensitive":{"tags":{},"tags_all":{}}}},{"address":"aws_subnet.public[1]","mode":"managed","type":"aws_subnet","name":"public","index":1,"provider_name":"registry.terraform.io/hashicorp/aws","change":{"actions":["create"],"before":null,"after":{"assign_ipv6_address_on_creation":false,"availability_zone":"us-east-1b","cidr_block":"10.20.1.0/24","customer_owned_ipv4_pool":null,"enable_dns64":false,"enable_lni_at_device_index":null,"enable_resource_name_dns_a_record_on_launch":false,"enable_resource_name_dns_aaaa_record_on_launch":false,"ipv6_cidr_block":null,"ipv6_native":false,"map_customer_owned_ip_on_launch":null,"map_public_ip_on_launch":true,"outpost_arn":null,"tags":{"Managed":"terraform","Name":"phantosio-minecraft-public-2","Project":"phantosio-minecraft"},"tags_all":{"Managed":"terraform","Name":"phantosio-minecraft-public-2","Project":"phantosio-minecraft"},"timeouts":null},"after_unknown":{"arn":true,"availability_zone_id":true,"id":true,"ipv6_cidr_block_association_id":true,"owner_id":true,"private_dns_hostname_type_on_launch":true,"tags":{},"tags_all":{},"vpc_id":true},"before_sensitive":false,"after_sensitive":{"tags":{},"tags_all":{}}}},{"address":"aws_volume_attachment.data","mode":"managed","type":"aws_volume_attachment","name":"data","provider_name":"registry.terraform.io/hashicorp/aws","change":{"actions":["create"],"before":null,"after":{"device_name":"/dev/xvdf","force_detach":null,"skip_destroy":null,"stop_instance_before_detaching":null,"timeouts":null},"after_unknown":{"id":true,"instance_id":true,"volume_id":true},"before_sensitive":false,"after_sensitive":{}}},{"address":"aws_vpc.this","mode":"managed","type":"aws_vpc","name":"this","provider_name":"registry.terraform.io/hashicorp/aws","change":{"actions":["create"],"before":null,"after":{"assign_generated_ipv6_cidr_block":null,"cidr_block":"10.20.0.0/16","enable_dns_hostnames":true,"enable_dns_support":true,"instance_tenancy":"default","ipv4_ipam_pool_id":null,"ipv4_netmask_length":null,"ipv6_ipam_pool_id":null,"ipv6_netmask_length":null,"tags":{"Managed":"terraform","Name":"phantosio-minecraft-vpc","Project":"phantosio-minecraft"},"tags_all":{"Managed":"terraform","Name":"phantosio-minecraft-vpc","Project":"phantosio-minecraft"}},"after_unknown":{"arn":true,"default_network_acl_id":true,"default_route_table_id":true,"default_security_group_id":true,"dhcp_options_id":true,"enable_network_address_usage_metrics":true,"id":true,"ipv6_association_id":true,"ipv6_cidr_block":true,"ipv6_cidr_block_network_border_group":true,"main_route_table_id":true,"owner_id":true,"tags":{},"tags_all":{}},"before_sensitive":false,"after_sensitive":{"tags":{},"tags_all":{}}}}],"output_changes":{"backup_bucket_name":{"actions":["create"],"before":null,"after_unknown":true,"before_sensitive":false,"after_sensitive":false},"instance_id":{"actions":["create"],"before":null,"after_unknown":true,"before_sensitive":false,"after_sensitive":false},"minecraft_address":{"actions":["create"],"before":null,"after_unknown":true,"before_sensitive":false,"after_sensitive":false},"public_ip":{"actions":["create"],"before":null,"after_unknown":true,"before_sensitive":false,"after_sensitive":false},"rcon_web_url":{"actions":["create"],"before":null,"after_unknown":true,"before_sensitive":false,"after_sensitive":false}},"prior_state":{"format_version":"1.0","terraform_version":"1.13.5","values":{"root_module":{"resources":[{"address":"data.aws_ami.al2023","mode":"data","type":"aws_ami","name":"al2023","provider_name":"registry.terraform.io/hashicorp/aws","schema_version":0,"values":{"architecture":"x86_64","arn":"arn:aws:ec2:us-east-1::image/ami-07c1fa5792ef8fe27","block_device_mappings":[{"device_name":"/dev/xvda","ebs":{"delete_on_termination":"false","encrypted":"false","iops":"0","snapshot_id":"snap-e4ee7bd340c65ab1b","throughput":"0","volume_initialization_rate":"0","volume_size":"15","volume_type":"standard"},"no_device":"","virtual_name":""}],"boot_mode":"uefi","creation_date":"2026-01-26T23:11:14.000Z","deprecation_time":"","description":"Amazon Linux 2023 AMI 2023.8.20250915.0 x86_64 Minimal HVM kernel-6.1","ena_support":false,"executable_users":null,"filter":[{"name":"architecture","values":["x86_64"]},{"name":"name","values":["al2023-ami-*-x86_64"]},{"name":"virtualization-type","values":["hvm"]}],"hypervisor":"xen","id":"ami-07c1fa5792ef8fe27","image_id":"ami-07c1fa5792ef8fe27","image_location":"","image_owner_alias":"amazon","image_type":"machine","imds_support":"","include_deprecated":false,"kernel_id":"","last_launched_time":"","most_recent":true,"name":"al2023-ami-minimal-2023.8.20250915.0-kernel-6.1-x86_64","name_regex":null,"owner_id":"137112412989","owners":["amazon"],"platform":"","platform_details":"","product_codes":[],"public":true,"ramdisk_id":"","root_device_name":"/dev/xvda","root_device_type":"ebs","root_snapshot_id":"snap-e4ee7bd340c65ab1b","sriov_net_support":"","state":"available","state_reason":{"code":"UNSET","message":"UNSET"},"tags":{},"timeouts":null,"tpm_support":"","uefi_data":null,"usage_operation":"","virtualization_type":"hvm"},"sensitive_values":{"block_device_mappings":[{"ebs":{}}],"filter":[{"values":[false]},{"values":[false]},{"values":[false]}],"owners":[false],"product_codes":[],"state_reason":{},"tags":{}}},{"address":"data.aws_availability_zones.available","mode":"data","type":"aws_availability_zones","name":"available","provider_name":"registry.terraform.io/hashicorp/aws","schema_version":0,"values":{"all_availability_zones":null,"exclude_names":null,"exclude_zone_ids":null,"filter":null,"group_names":[""],"id":"us-east-1","names":["us-east-1a","us-east-1b","us-east-1c","us-east-1d","us-east-1e","us-east-1f"],"state":"available","timeouts":null,"zone_ids":["use1-az6","use1-az1","use1-az2","use1-az4","use1-az3","use1-az5"]},"sensitive_values":{"group_names":[false],"names":[false,false,false,false,false,false],"zone_ids":[false,false,false,false,false,false]}},{"address":"data.aws_iam_policy_document.ec2_assume","mode":"data","type":"aws_iam_policy_document","name":"ec2_assume","provider_name":"registry.terraform.io/hashicorp/aws","schema_version":0,"values":{"id":"2851119427","json":"{\n  \"Version\": \"2012-10-17\",\n  \"Statement\": [\n    {\n      \"Effect\": \"Allow\",\n      \"Action\": \"sts:AssumeRole\",\n      \"Principal\": {\n        \"Service\": \"ec2.amazonaws.com\"\n      }\n    }\n  ]\n}","minified_json":"{\"Version\":\"2012-10-17\",\"Statement\":[{\"Effect\":\"Allow\",\"Action\":\"sts:AssumeRole\",\"Principal\":{\"Service\":\"ec2.amazonaws.com\"}}]}","override_json":null,"override_policy_documents":null,"policy_id":null,"source_json":null,"source_policy_documents":null,"statement":[{"actions":["sts:AssumeRole"],"condition":[],"effect":"Allow","not_actions":[],"not_principals":[],"not_resources":[],"principals":[{"identifiers":["ec2.amazonaws.com"],"type":"Service"}],"resources":[],"sid":""}],"version":"2012-10-17"},"sensitive_values":{"statement":[{"actions":[false],"condition":[],"not_actions":[],"not_principals":[],"not_resources":[],"principals":[{"identifiers":[false]}],"resources":[]}]}}]}}},"configuration":{"provider_config":{"aws":{"name":"aws","full_name":"registry.terraform.io/hashicorp/aws","version_constraint":"~\u003e 5.0","expressions":{"region":{"references":["var.aws_region"]}}}},"root_module":{"outputs":{"backup_bucket_name":{"expression":{"references":["aws_s3_bucket.backups.bucket","aws_s3_bucket.backups"]}},"instance_id":{"expression":{"references":["aws_instance.this.id","aws_instance.this"]}},"minecraft_address":{"expression":{"references":["aws_eip.this.public_ip","aws_eip.this","var.minecraft_port"]}},"public_ip":{"expression":{"references":["aws_eip.this.public_ip","aws_eip.this"]}},"rcon_web_url":{"expression":{"references":["aws_eip.this.public_ip","aws_eip.this","var.rcon_web_port"]}}},"resources":[{"address":"aws_ebs_volume.data","mode":"managed","type":"aws_ebs_volume","name":"data","provider_config_key":"aws","expressions":{"availability_zone":{"references":["aws_instance.this.availability_zone","aws_instance.this"]},"encrypted":{"constant_value":true},"size":{"references":["var.data_volume_size_gb"]},"tags":{"references":["local.tags","var.name"]},"type":{"constant_value":"gp3"}},"schema_version":0},{"address":"aws_eip.this","mode":"managed","type":"aws_eip","name":"this","provider_config_key":"aws","expressions":{"domain":{"constant_value":"vpc"},"tags":{"references":["local.tags","var.name"]}},"schema_version":0},{"address":"aws_eip_association.this","mode":"managed","type":"aws_eip_association","name":"this","provider_config_key":"aws","expressions":{"allocation_id":{"references":["aws_eip.this.id","aws_eip.this"]},"instance_id":{"references":["aws_instance.this.id","aws_instance.this"]}},"schema_version":0},{"address":"aws_iam_instance_profile.ec2","mode":"managed","type":"aws_iam_instance_profile","name":"ec2","provider_config_key":"aws","expressions":{"name":{"references":["var.name"]},"role":{"references":["aws_iam_role.ec2.name","aws_iam_role.ec2"]},"tags":{"references":["local.tags"]}},"schema_version":0},{"address":"aws_iam_policy.s3_backup","mode":"managed","type":"aws_iam_policy","name":"s3_backup","provider_config_key":"aws","expressions":{"name":{"references":["var.name"]},"policy":{"references":["data.aws_iam_policy_document.s3_backup.json","data.aws_iam_policy_document.s3_backup"]},"tags":{"references":["local.tags"]}},"schema_version":0},{"address":"aws_iam_role.ec2","mode":"managed","type":"aws_iam_role","name":"ec2","provider_config_key":"aws","expressions":{"assume_role_policy":{"references":["data.aws_iam_policy_document.ec2_assume.json","data.aws_iam_policy_document.ec2_assume"]},"name":{"references":["var.name"]},"tags":{"references":["local.tags"]}},"schema_version":0},{"address":"aws_iam_role_policy_attachment.cw_agent","mode":"managed","type":"aws_iam_role_policy_attachment","name":"cw_agent","provider_config_key":"aws","expressions":{"policy_arn":{"constant_value":"arn:aws:iam::aws:policy/CloudWatchAgentServerPolicy"},"role":{"references":["aws_iam_role.ec2.name","aws_iam_role.ec2"]}},"schema_version":0},{"address":"aws_iam_role_policy_attachment.s3_backup","mode":"managed","type":"aws_iam_role_policy_attachment","name":"s3_backup","provider_config_key":"aws","expressions":{"policy_arn":{"references":["aws_iam_policy.s3_backup.arn","aws_iam_policy.s3_backup"]},"role":{"references":["aws_iam_role.ec2.name","aws_iam_role.ec2"]}},"schema_version":0},{"address":"aws_iam_role_policy_attachment.ssm","mode":"managed","type":"aws_iam_role_policy_attachment","name":"ssm","provider_config_key":"aws","expressions":{"policy_arn":{"constant_value":"arn:aws:iam::aws:policy/AmazonSSMManagedInstanceCore"},"role":{"references":["aws_iam_role.ec2.name","aws_iam_role.ec2"]}},"schema_version":0},{"address":"aws_instance.this","mode":"managed","type":"aws_instance","name":"this","provider_config_key":"aws","expressions":{"ami":{"references":["data.aws_ami.al2023.id","data.aws_ami.al2023"]},"iam_instance_profile":{"references":["aws_iam_instance_profile.ec2.name","aws_iam_instance_profile.ec2"]},"instance_type":{"references":["var.instance_type"]},"key_name":{"references":["var.ssh_key_name"]},"metadata_options":[{"http_endpoint":{"constant_value":"enabled"},"http_put_response_hop_limit":{"constant_value":2},"http_tokens":{"constant_value":"required"}}],"root_block_device":[{"encrypted":{"constant_value":true},"volume_size":{"constant_value":20},"volume_type":{"constant_value":"gp3"}}],"subnet_id":{"references":["aws_subnet.public[0].id","aws_subnet.public[0]","aws_subnet.public"]},"tags":{"references":["local.tags","var.name"]},"user_data":{"references":["path.module","local.base_dir","aws_s3_bucket.backups.bucket","aws_s3_bucket.backups","var.minecraft_motd","var.minecraft_version","var.minecraft_memory","var.rcon_password","var.rcon_web_username","var.rcon_web_password"]},"vpc_security_group_ids":{"references":["aws_security_group.ec2.id","aws_security_group.ec2"]}},"schema_version":1},{"address":"aws_internet_gateway.this","mode":"managed","type":"aws_internet_gateway","name":"this","provider_config_key":"aws","expressions":{"tags":{"references":["local.tags","var.name"]},"vpc_id":{"references":["aws_vpc.this.id","aws_vpc.this"]}},"schema_version":0},{"address":"aws_route.public_internet","mode":"managed","type":"aws_route","name":"public_internet","provider_config_key":"aws","expressions":{"destination_cidr_block":{"constant_value":"0.0.0.0/0"},"gateway_id":{"references":["aws_internet_gateway.this.id","aws_internet_gateway.this"]},"route_table_id":{"references":["aws_route_table.public.id","aws_route_table.public"]}},"schema_version":0},{"address":"aws_route_table.public","mode":"managed","type":"aws_route_table","name":"public","provider_config_key":"aws","expressions":{"tags":{"references":["local.tags","var.name"]},"vpc_id":{"references":["aws_vpc.this.id","aws_vpc.this"]}},"schema_version":0},{"address":"aws_route_table_association.public","mode":"managed","type":"aws_route_table_association","name":"public","provider_config_key":"aws","expressions":{"route_table_id":{"references":["aws_route_table.public.id","aws_route_table.public"]},"subnet_id":{"references":["aws_subnet.public","count.index"]}},"schema_version":0,"count_expression":{"constant_value":2}},{"address":"aws_s3_bucket.backups","mode":"managed","type":"aws_s3_bucket","name":"backups","provider_config_key":"aws","expressions":{"bucket_prefix":{"references":["var.name"]},"force_destroy":{"references":["var.backup_bucket_force_destroy"]},"tags":{"references":["local.tags","var.name"]}},"schema_version":0},{"address":"aws_s3_bucket_lifecycle_configuration.backups","mode":"managed","type":"aws_s3_bucket_lifecycle_configuration","name":"backups","provider_config_key":"aws","expressions":{"bucket":{"references":["aws_s3_bucket.backups.id","aws_s3_bucket.backups"]},"rule":[{"expiration":[{"days":{"constant_value":365}}],"filter":[{}],"id":{"constant_value":"transition-to-glacier"},"noncurrent_version_expiration":[{"noncurrent_days":{"constant_value":30}}],"status":{"constant_value":"Enabled"},"transition":[{"days":{"constant_value":30},"storage_class":{"constant_value":"GLACIER"}}]}]},"schema_version":1},{"address":"aws_s3_bucket_public_access_block.backups","mode":"managed","type":"aws_s3_bucket_public_access_block","name":"backups","provider_config_key":"aws","expressions":{"block_public_acls":{"constant_value":true},"block_public_policy":{"constant_value":true},"bucket":{"references":["aws_s3_bucket.backups.id","aws_s3_bucket.backups"]},"ignore_public_acls":{"constant_value":true},"restrict_public_buckets":{"constant_value":true}},"schema_version":0},{"address":"aws_s3_bucket_server_side_encryption_configuration.backups","mode":"managed","type":"aws_s3_bucket_server_side_encryption_configuration","name":"backups","provider_config_key":"aws","expressions":{"bucket":{"references":["aws_s3_bucket.backups.id","aws_s3_bucket.backups"]},"rule":[{"apply_server_side_encryption_by_default":[{"sse_algorithm":{"constant_value":"AES256"}}]}]},"schema_version":0},{"address":"aws_s3_bucket_versioning.backups","mode":"managed","type":"aws_s3_bucket_versioning","name":"backups","provider_config_key":"aws","expressions":{"bucket":{"references":["aws_s3_bucket.backups.id","aws_s3_bucket.backups"]},"versioning_configuration":[{"status":{"constant_value":"Enabled"}}]},"schema_version":0},{"address":"aws_security_group.ec2","mode":"managed","type":"aws_security_group","name":"ec2","provider_config_key":"aws","expressions":{"description":{"constant_value":"Security group for Minecraft EC2 host"},"egress":{"constant_value":[{"cidr_blocks":["0.0.0.0/0"],"description":"All outbound","from_port":0,"ipv6_cidr_blocks":null,"prefix_list_ids":null,"protocol":"-1","security_groups":null,"self":null,"to_port":0}]},"ingress":{"references":["var.minecraft_port","var.minecraft_port"]},"name":{"references":["var.name"]},"tags":{"references":["local.tags","var.name"]},"vpc_id":{"references":["aws_vpc.this.id","aws_vpc.this"]}},"schema_version":1},{"address":"aws_subnet.public","mode":"managed","type":"aws_subnet","name":"public","provider_config_key":"aws","expressions":{"availability_zone":{"references":["data.aws_availability_zones.available.names","data.aws_availability_zones.available","count.index"]},"cidr_block":{"references":["var.public_subnet_cidrs","count.index"]},"map_public_ip_on_launch":{"constant_value":true},"tags":{"references":["local.tags","var.name","count.index"]},"vpc_id":{"references":["aws_vpc.this.id","aws_vpc.this"]}},"schema_version":1,"count_expression":{"constant_value":2}},{"address":"aws_volume_attachment.data","mode":"managed","type":"aws_volume_attachment","name":"data","provider_config_key":"aws","expressions":{"device_name":{"constant_value":"/dev/xvdf"},"instance_id":{"references":["aws_instance.this.id","aws_instance.this"]},"volume_id":{"references":["aws_ebs_volume.data.id","aws_ebs_volume.data"]}},"schema_version":0},{"address":"aws_vpc.this","mode":"managed","type":"aws_vpc","name":"this","provider_config_key":"aws","expressions":{"cidr_block":{"references":["var.vpc_cidr"]},"enable_dns_hostnames":{"constant_value":true},"enable_dns_support":{"constant_value":true},"tags":{"references":["local.tags","var.name"]}},"schema_version":1},{"address":"data.aws_ami.al2023","mode":"data","type":"aws_ami","name":"al2023","provider_config_key":"aws","expressions":{"filter":[{"name":{"constant_value":"name"},"values":{"constant_value":["al2023-ami-*-x86_64"]}},{"name":{"constant_value":"architecture"},"values":{"constant_value":["x86_64"]}},{"name":{"constant_value":"virtualization-type"},"values":{"constant_value":["hvm"]}}],"most_recent":{"constant_value":true},"owners":{"constant_value":["amazon"]}},"schema_version":0},{"address":"data.aws_availability_zones.available","mode":"data","type":"aws_availability_zones","name":"available","provider_config_key":"aws","expressions":{"state":{"constant_value":"available"}},"schema_version":0},{"address":"data.aws_iam_policy_document.ec2_assume","mode":"data","type":"aws_iam_policy_document","name":"ec2_assume","provider_config_key":"aws","expressions":{"statement":[{"actions":{"constant_value":["sts:AssumeRole"]},"effect":{"constant_value":"Allow"},"principals":[{"identifiers":{"constant_value":["ec2.amazonaws.com"]},"type":{"constant_value":"Service"}}]}]},"schema_version":0},{"address":"data.aws_iam_policy_document.s3_backup","mode":"data","type":"aws_iam_policy_document","name":"s3_backup","provider_config_key":"aws","expressions":{"statement":[{"actions":{"constant_value":["s3:ListBucket","s3:GetBucketLocation"]},"effect":{"constant_value":"Allow"},"resources":{"references":["aws_s3_bucket.backups.arn","aws_s3_bucket.backups"]},"sid":{"constant_value":"ListBucket"}},{"actions":{"constant_value":["s3:PutObject","s3:AbortMultipartUpload","s3:ListMultipartUploadParts","s3:ListBucketMultipartUploads","s3:GetObject","s3:DeleteObject"]},"effect":{"constant_value":"Allow"},"resources":{"references":["aws_s3_bucket.backups.arn","aws_s3_bucket.backups"]},"sid":{"constant_value":"ObjectRW"}}]},"schema_version":0}],"variables":{"admin_cidr_allowlist":{"default":[],"description":"CIDR blocks allowed to access admin UI (rcon web) and SSH (if enabled)."},"aws_region":{"default":"us-east-1","description":"AWS region to deploy into"},"backup_bucket_force_destroy":{"default":false,"description":"Allow Terraform to destroy the S3 backup bucket even if it contains objects (useful for dev)."},"data_volume_size_gb":{"default":50,"description":"Size of the dedicated EBS data volume mounted at /srv/minecraft"},"enable_ssh":{"default":false,"description":"Whether to open inbound SSH (22). Prefer SSM and keep this false."},"instance_type":{"default":"t3a.medium","description":"EC2 instance type"},"minecraft_memory":{"default":"2G","description":"Memory for the Paper server container"},"minecraft_motd":{"default":"Vanilla Minecraft, Chill Vibes Only","description":"Minecraft server MOTD"},"minecraft_port":{"default":25565,"description":"Public Minecraft port (proxy entrypoint)"},"minecraft_version":{"default":"1.19.2","description":"Minecraft version"},"name":{"default":"phantosio-minecraft","description":"Name prefix for resources"},"public_subnet_cidrs":{"default":["10.20.0.0/24","10.20.1.0/24"],"description":"Two public subnet CIDRs (in two AZs)"},"rcon_password":{"description":"RCON password for the Minecraft server","sensitive":true},"rcon_web_password":{"description":"RCON web admin password","sensitive":true},"rcon_web_port":{"default":4326,"description":"RCON web admin port exposed on the instance"},"rcon_web_username":{"default":"admin","description":"RCON web admin username"},"ssh_key_name":{"default":null,"description":"Optional EC2 key pair name for SSH. Leave null to use SSM only."},"vpc_cidr":{"default":"10.20.0.0/16","description":"CIDR for the VPC"}}}},"relevant_attributes":[{"resource":"data.aws_iam_policy_document.ec2_assume","attribute":["json"]},{"resource":"data.aws_iam_policy_document.s3_backup","attribute":["json"]},{"resource":"aws_route_table.public","attribute":["id"]},{"resource":"aws_s3_bucket.backups","attribute":["id"]},{"resource":"aws_instance.this","attribute":["id"]},{"resource":"aws_iam_policy.s3_backup","attribute":["arn"]},{"resource":"aws_iam_role.ec2","attribute":["name"]},{"resource":"aws_vpc.this","attribute":["id"]},{"resource":"aws_internet_gateway.this","attribute":["id"]},{"resource":"aws_s3_bucket.backups","attribute":["arn"]},{"resource":"aws_subnet.public[0]","attribute":["id"]},{"resource":"aws_iam_instance_profile.ec2","attribute":["name"]},{"resource":"aws_s3_bucket.backups","attribute":["bucket"]},{"resource":"aws_security_group.ec2","attribute":["id"]},{"resource":"aws_ebs_volume.data","attribute":["id"]},{"resource":"aws_instance.this","attribute":["availability_zone"]},{"resource":"data.aws_availability_zones.available","attribute":["names"]},{"resource":"aws_eip.this","attribute":["public_ip"]},{"resource":"data.aws_ami.al2023","attribute":["id"]},{"resource":"aws_subnet.public","attribute":[]},{"resource":"aws_eip.this","attribute":["id"]}],"timestamp":"2026-01-26T23:11:13Z","applyable":true,"complete":true,"errored":false}
