{"format_version":"1.2","terraform_version":"1.13.5","variables":{"app_name":{"value":"rigitbot"},"aws_region":{"value":"us-east-1"},"lambda_architectures":{"value":["x86_64"]},"lambda_handler":{"value":"bootstrap"},"lambda_memory_size":{"value":128},"lambda_package_path":{"value":"./lambda.zip"},"lambda_runtime":{"value":"provided.al2"},"lambda_timeout":{"value":10}},"planned_values":{"outputs":{"aws_account_id":{"sensitive":false,"type":"string","value":"000000000000"},"aws_region":{"sensitive":false,"type":"string","value":"us-east-1"},"lambda_function_arn":{"sensitive":false},"lambda_function_name":{"sensitive":false,"type":"string","value":"rigitbot"},"lambda_function_url":{"sensitive":false}},"root_module":{"resources":[{"address":"aws_iam_role.lambda_exec","mode":"managed","type":"aws_iam_role","name":"lambda_exec","provider_name":"registry.terraform.io/hashicorp/aws","schema_version":0,"values":{"assume_role_policy":"{\"Statement\":[{\"Action\":\"sts:AssumeRole\",\"Effect\":\"Allow\",\"Principal\":{\"Service\":\"lambda.amazonaws.com\"}}],\"Version\":\"2012-10-17\"}","description":null,"force_detach_policies":false,"max_session_duration":3600,"name":"rigitbot-lambda-exec","path":"/","permissions_boundary":null,"tags":null,"tags_all":{"ManagedBy":"terraform","Project":"rigitbot"}},"sensitive_values":{"inline_policy":[],"managed_policy_arns":[],"tags_all":{}}},{"address":"aws_iam_role_policy_attachment.lambda_basic","mode":"managed","type":"aws_iam_role_policy_attachment","name":"lambda_basic","provider_name":"registry.terraform.io/hashicorp/aws","schema_version":0,"values":{"policy_arn":"arn:aws:iam::aws:policy/service-role/AWSLambdaBasicExecutionRole","role":"rigitbot-lambda-exec"},"sensitive_values":{}},{"address":"aws_lambda_function.app","mode":"managed","type":"aws_lambda_function","name":"app","provider_name":"registry.terraform.io/hashicorp/aws","schema_version":0,"values":{"architectures":["x86_64"],"code_signing_config_arn":null,"dead_letter_config":[],"description":null,"environment":[{"variables":{"RUST_LOG":"info"}}],"file_system_config":[],"filename":"./.dummy/lambda.zip","function_name":"rigitbot","handler":"bootstrap","image_config":[],"image_uri":null,"kms_key_arn":null,"layers":null,"memory_size":128,"package_type":"Zip","publish":false,"replace_security_groups_on_destroy":null,"replacement_security_group_ids":null,"reserved_concurrent_executions":-1,"runtime":"provided.al2","s3_bucket":null,"s3_key":null,"s3_object_version":null,"skip_destroy":false,"snap_start":[],"source_code_hash":"wmbalFzzY/wG3ivChKElOZB3+B4gptmQyIat05p+fU4=","tags":null,"tags_all":{"ManagedBy":"terraform","Project":"rigitbot"},"timeout":10,"timeouts":null,"vpc_config":[]},"sensitive_values":{"architectures":[false],"dead_letter_config":[],"environment":[{"variables":{}}],"ephemeral_storage":[],"file_system_config":[],"image_config":[],"logging_config":[],"snap_start":[],"tags_all":{},"tracing_config":[],"vpc_config":[]}},{"address":"aws_lambda_function_url.app","mode":"managed","type":"aws_lambda_function_url","name":"app","provider_name":"registry.terraform.io/hashicorp/aws","schema_version":0,"values":{"authorization_type":"NONE","cors":[],"function_name":"rigitbot","invoke_mode":"BUFFERED","qualifier":null,"timeouts":null},"sensitive_values":{"cors":[]}},{"address":"aws_lambda_permission.allow_function_url","mode":"managed","type":"aws_lambda_permission","name":"allow_function_url","provider_name":"registry.terraform.io/hashicorp/aws","schema_version":0,"values":{"action":"lambda:InvokeFunctionUrl","event_source_token":null,"function_name":"rigitbot","function_url_auth_type":"NONE","principal":"*","principal_org_id":null,"qualifier":null,"source_account":null,"source_arn":null,"statement_id":"AllowFunctionUrlInvoke"},"sensitive_values":{}}]}},"resource_changes":[{"address":"aws_iam_role.lambda_exec","mode":"managed","type":"aws_iam_role","name":"lambda_exec","provider_name":"registry.terraform.io/hashicorp/aws","change":{"actions":["create"],"before":null,"after":{"assume_role_policy":"{\"Statement\":[{\"Action\":\"sts:AssumeRole\",\"Effect\":\"Allow\",\"Principal\":{\"Service\":\"lambda.amazonaws.com\"}}],\"Version\":\"2012-10-17\"}","description":null,"force_detach_policies":false,"max_session_duration":3600,"name":"rigitbot-lambda-exec","path":"/","permissions_boundary":null,"tags":null,"tags_all":{"ManagedBy":"terraform","Project":"rigitbot"}},"after_unknown":{"arn":true,"create_date":true,"id":true,"inline_policy":true,"managed_policy_arns":true,"name_prefix":true,"tags_all":{},"unique_id":true},"before_sensitive":false,"after_sensitive":{"inline_policy":[],"managed_policy_arns":[],"tags_all":{}}}},{"address":"aws_iam_role_policy_attachment.lambda_basic","mode":"managed","type":"aws_iam_role_policy_attachment","name":"lambda_basic","provider_name":"registry.terraform.io/hashicorp/aws","change":{"actions":["create"],"before":null,"after":{"policy_arn":"arn:aws:iam::aws:policy/service-role/AWSLambdaBasicExecutionRole","role":"rigitbot-lambda-exec"},"after_unknown":{"id":true},"before_sensitive":false,"after_sensitive":{}}},{"address":"aws_lambda_function.app","mode":"managed","type":"aws_lambda_function","name":"app","provider_name":"registry.terraform.io/hashicorp/aws","change":{"actions":["create"],"before":null,"after":{"architectures":["x86_64"],"code_signing_config_arn":null,"dead_letter_config":[],"description":null,"environment":[{"variables":{"RUST_LOG":"info"}}],"file_system_config":[],"filename":"./.dummy/lambda.zip","function_name":"rigitbot","handler":"bootstrap","image_config":[],"image_uri":null,"kms_key_arn":null,"layers":null,"memory_size":128,"package_type":"Zip","publish":false,"replace_security_groups_on_destroy":null,"replacement_security_group_ids":null,"reserved_concurrent_executions":-1,"runtime":"provided.al2","s3_bucket":null,"s3_key":null,"s3_object_version":null,"skip_destroy":false,"snap_start":[],"source_code_hash":"wmbalFzzY/wG3ivChKElOZB3+B4gptmQyIat05p+fU4=","tags":null,"tags_all":{"ManagedBy":"terraform","Project":"rigitbot"},"timeout":10,"timeouts":null,"vpc_config":[]},"after_unknown":{"architectures":[false],"arn":true,"code_sha256":true,"dead_letter_config":[],"environment":[{"variables":{}}],"ephemeral_storage":true,"file_system_config":[],"id":true,"image_config":[],"invoke_arn":true,"last_modified":true,"logging_config":true,"qualified_arn":true,"qualified_invoke_arn":true,"role":true,"signing_job_arn":true,"signing_profile_version_arn":true,"snap_start":[],"source_code_size":true,"tags_all":{},"tracing_config":true,"version":true,"vpc_config":[]},"before_sensitive":false,"after_sensitive":{"architectures":[false],"dead_letter_config":[],"environment":[{"variables":{}}],"ephemeral_storage":[],"file_system_config":[],"image_config":[],"logging_config":[],"snap_start":[],"tags_all":{},"tracing_config":[],"vpc_config":[]}}},{"address":"aws_lambda_function_url.app","mode":"managed","type":"aws_lambda_function_url","name":"app","provider_name":"registry.terraform.io/hashicorp/aws","change":{"actions":["create"],"before":null,"after":{"authorization_type":"NONE","cors":[],"function_name":"rigitbot","invoke_mode":"BUFFERED","qualifier":null,"timeouts":null},"after_unknown":{"cors":[],"function_arn":true,"function_url":true,"id":true,"url_id":true},"before_sensitive":false,"after_sensitive":{"cors":[]}}},{"address":"aws_lambda_permission.allow_function_url","mode":"managed","type":"aws_lambda_permission","name":"allow_function_url","provider_name":"registry.terraform.io/hashicorp/aws","change":{"actions":["create"],"before":null,"after":{"action":"lambda:InvokeFunctionUrl","event_source_token":null,"function_name":"rigitbot","function_url_auth_type":"NONE","principal":"*","principal_org_id":null,"qualifier":null,"source_account":null,"source_arn":null,"statement_id":"AllowFunctionUrlInvoke"},"after_unknown":{"id":true,"statement_id_prefix":true},"before_sensitive":false,"after_sensitive":{}}}],"output_changes":{"aws_account_id":{"actions":["create"],"before":null,"after":"000000000000","after_unknown":false,"before_sensitive":false,"after_sensitive":false},"aws_region":{"actions":["create"],"before":null,"after":"us-east-1","after_unknown":false,"before_sensitive":false,"after_sensitive":false},"lambda_function_arn":{"actions":["create"],"before":null,"after_unknown":true,"before_sensitive":false,"after_sensitive":false},"lambda_function_name":{"actions":["create"],"before":null,"after":"rigitbot","after_unknown":false,"before_sensitive":false,"after_sensitive":false},"lambda_function_url":{"actions":["create"],"before":null,"after_unknown":true,"before_sensitive":false,"after_sensitive":false}},"prior_state":{"format_version":"1.0","terraform_version":"1.13.5","values":{"outputs":{"aws_account_id":{"sensitive":false,"value":"000000000000","type":"string"},"aws_region":{"sensitive":false,"value":"us-east-1","type":"string"},"lambda_function_name":{"sensitive":false,"value":"rigitbot","type":"string"}},"root_module":{"resources":[{"address":"data.archive_file.lambda_dummy","mode":"data","type":"archive_file","name":"lambda_dummy","provider_name":"registry.terraform.io/hashicorp/archive","schema_version":0,"values":{"exclude_symlink_directories":null,"excludes":null,"id":"58e93fade67637870be5af38eff8d5aa66c7da49","output_base64sha256":"wmbalFzzY/wG3ivChKElOZB3+B4gptmQyIat05p+fU4=","output_base64sha512":"BQYAg1LwEY4tDmry1VoRx6StX0vjH+7LpfB5KAZLVvfJQjioPbBv1QxI6QF6P2U614fU3h9XKBCb9z5Y1ornqA==","output_file_mode":null,"output_md5":"a0dbd832a6a977d6d5b28ea5c85e30fb","output_path":"./.dummy/lambda.zip","output_sha":"58e93fade67637870be5af38eff8d5aa66c7da49","output_sha256":"c266da945cf363fc06de2bc284a125399077f81e20a6d990c886add39a7e7d4e","output_sha512":"0506008352f0118e2d0e6af2d55a11c7a4ad5f4be31feecba5f07928064b56f7c94238a83db06fd50c48e9017a3f653ad787d4de1f5728109bf73e58d68ae7a8","output_size":246,"source":[{"content":"exports.handler = async (event) =\u003e {\n  console.log(\"Dummy lambda invoked\");\n  return { statusCode: 200, body: \"dummy\" };\n};\n","filename":"index.js"}],"source_content":null,"source_content_filename":null,"source_dir":null,"source_file":null,"type":"zip"},"sensitive_values":{"source":[{}]}},{"address":"data.aws_caller_identity.current","mode":"data","type":"aws_caller_identity","name":"current","provider_name":"registry.terraform.io/hashicorp/aws","schema_version":0,"values":{"account_id":"000000000000","arn":"arn:aws:iam::000000000000:root","id":"000000000000","user_id":"AKIAIOSFODNN7EXAMPLE"},"sensitive_values":{}},{"address":"data.aws_region.current","mode":"data","type":"aws_region","name":"current","provider_name":"registry.terraform.io/hashicorp/aws","schema_version":0,"values":{"description":"US East (N. Virginia)","endpoint":"ec2.us-east-1.amazonaws.com","id":"us-east-1","name":"us-east-1"},"sensitive_values":{}}]}}},"configuration":{"provider_config":{"archive":{"name":"archive","full_name":"registry.terraform.io/hashicorp/archive"},"aws":{"name":"aws","full_name":"registry.terraform.io/hashicorp/aws","version_constraint":"~\u003e 5.0","expressions":{"default_tags":[{"tags":{"references":["var.app_name"]}}],"region":{"references":["var.aws_region"]}}}},"root_module":{"outputs":{"aws_account_id":{"expression":{"references":["data.aws_caller_identity.current.account_id","data.aws_caller_identity.current"]}},"aws_region":{"expression":{"references":["data.aws_region.current.name","data.aws_region.current"]}},"lambda_function_arn":{"expression":{"references":["aws_lambda_function.app.arn","aws_lambda_function.app"]},"description":"Deployed Lambda function ARN"},"lambda_function_name":{"expression":{"references":["aws_lambda_function.app.function_name","aws_lambda_function.app"]},"description":"Deployed Lambda function name"},"lambda_function_url":{"expression":{"references":["aws_lambda_function_url.app.function_url","aws_lambda_function_url.app"]},"description":"Public Lambda Function URL"}},"resources":[{"address":"aws_iam_role.lambda_exec","mode":"managed","type":"aws_iam_role","name":"lambda_exec","provider_config_key":"aws","expressions":{"assume_role_policy":{},"name":{"references":["var.app_name"]}},"schema_version":0},{"address":"aws_iam_role_policy_attachment.lambda_basic","mode":"managed","type":"aws_iam_role_policy_attachment","name":"lambda_basic","provider_config_key":"aws","expressions":{"policy_arn":{"constant_value":"arn:aws:iam::aws:policy/service-role/AWSLambdaBasicExecutionRole"},"role":{"references":["aws_iam_role.lambda_exec.name","aws_iam_role.lambda_exec"]}},"schema_version":0},{"address":"aws_lambda_function.app","mode":"managed","type":"aws_lambda_function","name":"app","provider_config_key":"aws","expressions":{"architectures":{"references":["var.lambda_architectures"]},"environment":[{"variables":{"constant_value":{"RUST_LOG":"info"}}}],"filename":{"references":["var.lambda_package_path","var.lambda_package_path","data.archive_file.lambda_dummy.output_path","data.archive_file.lambda_dummy"]},"function_name":{"references":["var.app_name"]},"handler":{"references":["var.lambda_handler"]},"memory_size":{"references":["var.lambda_memory_size"]},"role":{"references":["aws_iam_role.lambda_exec.arn","aws_iam_role.lambda_exec"]},"runtime":{"references":["var.lambda_runtime"]},"source_code_hash":{"references":["var.lambda_package_path","var.lambda_package_path","data.archive_file.lambda_dummy.output_path","data.archive_file.lambda_dummy"]},"timeout":{"references":["var.lambda_timeout"]}},"schema_version":0,"depends_on":["aws_iam_role_policy_attachment.lambda_basic"]},{"address":"aws_lambda_function_url.app","mode":"managed","type":"aws_lambda_function_url","name":"app","provider_config_key":"aws","expressions":{"authorization_type":{"constant_value":"NONE"},"function_name":{"references":["aws_lambda_function.app.function_name","aws_lambda_function.app"]}},"schema_version":0},{"address":"aws_lambda_permission.allow_function_url","mode":"managed","type":"aws_lambda_permission","name":"allow_function_url","provider_config_key":"aws","expressions":{"action":{"constant_value":"lambda:InvokeFunctionUrl"},"function_name":{"references":["aws_lambda_function.app.function_name","aws_lambda_function.app"]},"function_url_auth_type":{"constant_value":"NONE"},"principal":{"constant_value":"*"},"statement_id":{"constant_value":"AllowFunctionUrlInvoke"}},"schema_version":0},{"address":"data.archive_file.lambda_dummy","mode":"data","type":"archive_file","name":"lambda_dummy","provider_config_key":"archive","expressions":{"output_path":{"references":["local.lambda_dummy_zip"]},"source":[{"content":{"constant_value":"exports.handler = async (event) =\u003e {\n  console.log(\"Dummy lambda invoked\");\n  return { statusCode: 200, body: \"dummy\" };\n};\n"},"filename":{"constant_value":"index.js"}}],"type":{"constant_value":"zip"}},"schema_version":0},{"address":"data.aws_caller_identity.current","mode":"data","type":"aws_caller_identity","name":"current","provider_config_key":"aws","schema_version":0},{"address":"data.aws_region.current","mode":"data","type":"aws_region","name":"current","provider_config_key":"aws","schema_version":0}],"variables":{"app_name":{"default":"rigitbot","description":"Application name used for resource naming"},"aws_region":{"default":"us-east-1","description":"AWS region to deploy into"},"lambda_architectures":{"default":["x86_64"],"description":"Lambda instruction set architectures"},"lambda_handler":{"default":"bootstrap","description":"Lambda handler (ignored for custom runtime, but required by API)"},"lambda_memory_size":{"default":128,"description":"Lambda memory size in MB"},"lambda_package_path":{"default":"./lambda.zip","description":"Path to a pre-built Lambda deployment package (zip). Terraform will not build the Rust binary."},"lambda_runtime":{"default":"provided.al2","description":"Lambda runtime (for custom runtime use provided.al2)"},"lambda_timeout":{"default":10,"description":"Lambda timeout in seconds"}}}},"relevant_attributes":[{"resource":"data.archive_file.lambda_dummy","attribute":["output_path"]},{"resource":"aws_iam_role.lambda_exec","attribute":["name"]},{"resource":"aws_lambda_function_url.app","attribute":["function_url"]},{"resource":"aws_iam_role.lambda_exec","attribute":["arn"]},{"resource":"data.aws_caller_identity.current","attribute":["account_id"]},{"resource":"data.aws_region.current","attribute":["name"]},{"resource":"aws_lambda_function.app","attribute":["function_name"]},{"resource":"aws_lambda_function.app","attribute":["arn"]}],"timestamp":"2026-01-25T15:29:05Z","applyable":true,"complete":true,"errored":false}
