{"format_version":"1.2","terraform_version":"1.13.5","variables":{"announcements":{"value":{}},"app_name":{"value":"cann"},"aws_region":{"value":"eu-west-1"},"base_url":{"value":"http://www.gobcan.es/educacion/Nombramientos/Documentos"},"date_format":{"value":"02-01-06"},"schedule_expression":{"value":"ai-basis-tf"},"tags":{"value":{"App":"cann","CreatedBy":"terraform","Environment":"production"}},"telegram_auth_token":{"value":"ai-basis-tf"}},"planned_values":{"outputs":{"check_announcement_lambda_arn":{"sensitive":false},"dynamodb_table_name":{"sensitive":false,"type":"string","value":"cann-announcements"},"send_notification_lambda_arn":{"sensitive":false},"send_telegram_notification_lambda_arn":{"sensitive":false},"sns_topic_arn":{"sensitive":false}},"root_module":{"resources":[{"address":"aws_cloudwatch_event_rule.check_announcement","mode":"managed","type":"aws_cloudwatch_event_rule","name":"check_announcement","provider_name":"registry.terraform.io/hashicorp/aws","schema_version":1,"values":{"description":null,"event_bus_name":"default","event_pattern":null,"force_destroy":false,"is_enabled":null,"name":"cann-check-announcement","region":"eu-west-1","role_arn":null,"schedule_expression":"ai-basis-tf","state":null,"tags":null,"tags_all":{"App":"cann","CreatedBy":"terraform","Environment":"production"}},"sensitive_values":{"tags_all":{}},"identity_schema_version":0,"identity":{"account_id":null,"name":null,"region":null}},{"address":"aws_cloudwatch_log_group.check_announcement","mode":"managed","type":"aws_cloudwatch_log_group","name":"check_announcement","provider_name":"registry.terraform.io/hashicorp/aws","schema_version":0,"values":{"kms_key_id":null,"name":"/aws/lambda/cann-check-announcement","region":"eu-west-1","retention_in_days":14,"skip_destroy":false,"tags":null,"tags_all":{"App":"cann","CreatedBy":"terraform","Environment":"production"}},"sensitive_values":{"tags_all":{}},"identity_schema_version":0,"identity":{"account_id":null,"name":null,"region":null}},{"address":"aws_cloudwatch_log_group.send_notification","mode":"managed","type":"aws_cloudwatch_log_group","name":"send_notification","provider_name":"registry.terraform.io/hashicorp/aws","schema_version":0,"values":{"kms_key_id":null,"name":"/aws/lambda/cann-send-notification","region":"eu-west-1","retention_in_days":14,"skip_destroy":false,"tags":null,"tags_all":{"App":"cann","CreatedBy":"terraform","Environment":"production"}},"sensitive_values":{"tags_all":{}},"identity_schema_version":0,"identity":{"account_id":null,"name":null,"region":null}},{"address":"aws_cloudwatch_log_group.send_telegram_notification","mode":"managed","type":"aws_cloudwatch_log_group","name":"send_telegram_notification","provider_name":"registry.terraform.io/hashicorp/aws","schema_version":0,"values":{"kms_key_id":null,"name":"/aws/lambda/cann-send-telegram-notification","region":"eu-west-1","retention_in_days":14,"skip_destroy":false,"tags":null,"tags_all":{"App":"cann","CreatedBy":"terraform","Environment":"production"}},"sensitive_values":{"tags_all":{}},"identity_schema_version":0,"identity":{"account_id":null,"name":null,"region":null}},{"address":"aws_dynamodb_table.announcements","mode":"managed","type":"aws_dynamodb_table","name":"announcements","provider_name":"registry.terraform.io/hashicorp/aws","schema_version":1,"values":{"attribute":[{"name":"URL","type":"S"}],"billing_mode":"PAY_PER_REQUEST","deletion_protection_enabled":null,"hash_key":"URL","import_table":[],"local_secondary_index":[],"name":"cann-announcements","on_demand_throughput":[],"range_key":null,"region":"eu-west-1","replica":[],"restore_date_time":null,"restore_source_name":null,"restore_source_table_arn":null,"restore_to_latest_time":null,"stream_enabled":true,"stream_view_type":"NEW_IMAGE","table_class":null,"tags":null,"tags_all":{"App":"cann","CreatedBy":"terraform","Environment":"production"},"timeouts":null,"ttl":[{"attribute_name":"TTL","enabled":true}]},"sensitive_values":{"attribute":[{}],"global_secondary_index":[],"global_table_witness":[],"import_table":[],"local_secondary_index":[],"on_demand_throughput":[],"point_in_time_recovery":[],"replica":[],"server_side_encryption":[],"tags_all":{},"ttl":[{}],"warm_throughput":[]}},{"address":"aws_iam_policy.check_announcement","mode":"managed","type":"aws_iam_policy","name":"check_announcement","provider_name":"registry.terraform.io/hashicorp/aws","schema_version":0,"values":{"delay_after_policy_creation_in_ms":null,"description":null,"name":"cann-check-announcement","path":"/","tags":null,"tags_all":{"App":"cann","CreatedBy":"terraform","Environment":"production"}},"sensitive_values":{"tags_all":{}},"identity_schema_version":0,"identity":{"arn":null}},{"address":"aws_iam_policy.send_notification","mode":"managed","type":"aws_iam_policy","name":"send_notification","provider_name":"registry.terraform.io/hashicorp/aws","schema_version":0,"values":{"delay_after_policy_creation_in_ms":null,"description":null,"name":"cann-send-notification","path":"/","tags":null,"tags_all":{"App":"cann","CreatedBy":"terraform","Environment":"production"}},"sensitive_values":{"tags_all":{}},"identity_schema_version":0,"identity":{"arn":null}},{"address":"aws_iam_policy.send_telegram_notification","mode":"managed","type":"aws_iam_policy","name":"send_telegram_notification","provider_name":"registry.terraform.io/hashicorp/aws","schema_version":0,"values":{"delay_after_policy_creation_in_ms":null,"description":null,"name":"cann-send-telegram-notification","path":"/","policy":"{\"Statement\":[{\"Action\":[\"ssm:GetParametersByPath\",\"ssm:GetParameters\",\"ssm:GetParameter\"],\"Effect\":\"Allow\",\"Resource\":[\"arn:aws:ssm:eu-west-1:000000000000:parameter/telegram/auth_token\",\"arn:aws:ssm:eu-west-1:000000000000:parameter/announcements/telegram/*\"]},{\"Action\":\"kms:Decrypt\",\"Condition\":{\"StringEquals\":{\"kms:ViaService\":\"ssm.eu-west-1.amazonaws.com\"}},\"Effect\":\"Allow\",\"Resource\":\"*\"}],\"Version\":\"2012-10-17\"}","tags":null,"tags_all":{"App":"cann","CreatedBy":"terraform","Environment":"production"}},"sensitive_values":{"tags_all":{}},"identity_schema_version":0,"identity":{"arn":null}},{"address":"aws_iam_role.check_announcement","mode":"managed","type":"aws_iam_role","name":"check_announcement","provider_name":"registry.terraform.io/hashicorp/aws","schema_version":0,"values":{"assume_role_policy":"{\"Statement\":[{\"Action\":\"sts:AssumeRole\",\"Effect\":\"Allow\",\"Principal\":{\"Service\":\"lambda.amazonaws.com\"}}],\"Version\":\"2012-10-17\"}","description":null,"force_detach_policies":false,"max_session_duration":3600,"name":"cann-check-announcement","path":"/","permissions_boundary":null,"tags":null,"tags_all":{"App":"cann","CreatedBy":"terraform","Environment":"production"}},"sensitive_values":{"inline_policy":[],"managed_policy_arns":[],"tags_all":{}},"identity_schema_version":0,"identity":{"account_id":null,"name":null}},{"address":"aws_iam_role.send_notification","mode":"managed","type":"aws_iam_role","name":"send_notification","provider_name":"registry.terraform.io/hashicorp/aws","schema_version":0,"values":{"assume_role_policy":"{\"Statement\":[{\"Action\":\"sts:AssumeRole\",\"Effect\":\"Allow\",\"Principal\":{\"Service\":\"lambda.amazonaws.com\"}}],\"Version\":\"2012-10-17\"}","description":null,"force_detach_policies":false,"max_session_duration":3600,"name":"cann-send-notification","path":"/","permissions_boundary":null,"tags":null,"tags_all":{"App":"cann","CreatedBy":"terraform","Environment":"production"}},"sensitive_values":{"inline_policy":[],"managed_policy_arns":[],"tags_all":{}},"identity_schema_version":0,"identity":{"account_id":null,"name":null}},{"address":"aws_iam_role.send_telegram_notification","mode":"managed","type":"aws_iam_role","name":"send_telegram_notification","provider_name":"registry.terraform.io/hashicorp/aws","schema_version":0,"values":{"assume_role_policy":"{\"Statement\":[{\"Action\":\"sts:AssumeRole\",\"Effect\":\"Allow\",\"Principal\":{\"Service\":\"lambda.amazonaws.com\"}}],\"Version\":\"2012-10-17\"}","description":null,"force_detach_policies":false,"max_session_duration":3600,"name":"cann-send-telegram-notification","path":"/","permissions_boundary":null,"tags":null,"tags_all":{"App":"cann","CreatedBy":"terraform","Environment":"production"}},"sensitive_values":{"inline_policy":[],"managed_policy_arns":[],"tags_all":{}},"identity_schema_version":0,"identity":{"account_id":null,"name":null}},{"address":"aws_iam_role_policy_attachment.check_announcement","mode":"managed","type":"aws_iam_role_policy_attachment","name":"check_announcement","provider_name":"registry.terraform.io/hashicorp/aws","schema_version":0,"values":{"role":"cann-check-announcement"},"sensitive_values":{},"identity_schema_version":0,"identity":{"account_id":null,"policy_arn":null,"role":null}},{"address":"aws_iam_role_policy_attachment.lambda_basic_execution[\"check\"]","mode":"managed","type":"aws_iam_role_policy_attachment","name":"lambda_basic_execution","index":"check","provider_name":"registry.terraform.io/hashicorp/aws","schema_version":0,"values":{"policy_arn":"arn:aws:iam::aws:policy/service-role/AWSLambdaBasicExecutionRole","role":"cann-check-announcement"},"sensitive_values":{},"identity_schema_version":0,"identity":{"account_id":null,"policy_arn":null,"role":null}},{"address":"aws_iam_role_policy_attachment.lambda_basic_execution[\"sendn\"]","mode":"managed","type":"aws_iam_role_policy_attachment","name":"lambda_basic_execution","index":"sendn","provider_name":"registry.terraform.io/hashicorp/aws","schema_version":0,"values":{"policy_arn":"arn:aws:iam::aws:policy/service-role/AWSLambdaBasicExecutionRole","role":"cann-send-notification"},"sensitive_values":{},"identity_schema_version":0,"identity":{"account_id":null,"policy_arn":null,"role":null}},{"address":"aws_iam_role_policy_attachment.lambda_basic_execution[\"sendt\"]","mode":"managed","type":"aws_iam_role_policy_attachment","name":"lambda_basic_execution","index":"sendt","provider_name":"registry.terraform.io/hashicorp/aws","schema_version":0,"values":{"policy_arn":"arn:aws:iam::aws:policy/service-role/AWSLambdaBasicExecutionRole","role":"cann-send-telegram-notification"},"sensitive_values":{},"identity_schema_version":0,"identity":{"account_id":null,"policy_arn":null,"role":null}},{"address":"aws_iam_role_policy_attachment.send_notification","mode":"managed","type":"aws_iam_role_policy_attachment","name":"send_notification","provider_name":"registry.terraform.io/hashicorp/aws","schema_version":0,"values":{"role":"cann-send-notification"},"sensitive_values":{},"identity_schema_version":0,"identity":{"account_id":null,"policy_arn":null,"role":null}},{"address":"aws_iam_role_policy_attachment.send_telegram_notification","mode":"managed","type":"aws_iam_role_policy_attachment","name":"send_telegram_notification","provider_name":"registry.terraform.io/hashicorp/aws","schema_version":0,"values":{"role":"cann-send-telegram-notification"},"sensitive_values":{},"identity_schema_version":0,"identity":{"account_id":null,"policy_arn":null,"role":null}},{"address":"aws_lambda_event_source_mapping.dynamodb_to_send_notification","mode":"managed","type":"aws_lambda_event_source_mapping","name":"dynamodb_to_send_notification","provider_name":"registry.terraform.io/hashicorp/aws","schema_version":0,"values":{"batch_size":null,"bisect_batch_on_function_error":null,"destination_config":[],"document_db_event_source_config":[],"enabled":true,"filter_criteria":[],"function_response_types":null,"kms_key_arn":null,"maximum_batching_window_in_seconds":null,"metrics_config":[],"provisioned_poller_config":[],"queues":null,"region":"eu-west-1","scaling_config":[],"self_managed_event_source":[],"source_access_configuration":[],"starting_position":"LATEST","starting_position_timestamp":null,"tags":null,"tags_all":{"App":"cann","CreatedBy":"terraform","Environment":"production"},"topics":null,"tumbling_window_in_seconds":null},"sensitive_values":{"amazon_managed_kafka_event_source_config":[],"destination_config":[],"document_db_event_source_config":[],"filter_criteria":[],"metrics_config":[],"provisioned_poller_config":[],"scaling_config":[],"self_managed_event_source":[],"self_managed_kafka_event_source_config":[],"source_access_configuration":[],"tags_all":{}}},{"address":"aws_lambda_function.check_announcement","mode":"managed","type":"aws_lambda_function","name":"check_announcement","provider_name":"registry.terraform.io/hashicorp/aws","schema_version":0,"values":{"capacity_provider_config":[],"code_signing_config_arn":null,"dead_letter_config":[],"description":null,"durable_config":[],"environment":[{"variables":{"BASE_URL":"http://www.gobcan.es/educacion/Nombramientos/Documentos","DATE_FORMAT":"02-01-06","DYNAMODB_TABLE":"cann-announcements"}}],"file_system_config":[],"filename":"./.dummy/lambda.zip","function_name":"cann-check-announcement","handler":"main","image_config":[],"image_uri":null,"kms_key_arn":null,"layers":null,"memory_size":128,"package_type":"Zip","publish":false,"publish_to":null,"region":"eu-west-1","replace_security_groups_on_destroy":null,"replacement_security_group_ids":null,"reserved_concurrent_executions":-1,"runtime":"go1.x","s3_bucket":null,"s3_key":null,"s3_object_version":null,"skip_destroy":false,"snap_start":[],"source_code_hash":"wmbalFzzY/wG3ivChKElOZB3+B4gptmQyIat05p+fU4=","source_kms_key_arn":null,"tags":null,"tags_all":{"App":"cann","CreatedBy":"terraform","Environment":"production"},"tenancy_config":[],"timeout":10,"timeouts":null,"vpc_config":[]},"sensitive_values":{"architectures":[],"capacity_provider_config":[],"dead_letter_config":[],"durable_config":[],"environment":[{"variables":{}}],"ephemeral_storage":[],"file_system_config":[],"image_config":[],"logging_config":[],"snap_start":[],"tags_all":{},"tenancy_config":[],"tracing_config":[],"vpc_config":[]},"identity_schema_version":0,"identity":{"account_id":null,"function_name":null,"region":null}},{"address":"aws_lambda_function.send_notification","mode":"managed","type":"aws_lambda_function","name":"send_notification","provider_name":"registry.terraform.io/hashicorp/aws","schema_version":0,"values":{"capacity_provider_config":[],"code_signing_config_arn":null,"dead_letter_config":[],"description":null,"durable_config":[],"environment":[{}],"file_system_config":[],"filename":"./.dummy/lambda.zip","function_name":"cann-send-notification","handler":"main","image_config":[],"image_uri":null,"kms_key_arn":null,"layers":null,"memory_size":128,"package_type":"Zip","publish":false,"publish_to":null,"region":"eu-west-1","replace_security_groups_on_destroy":null,"replacement_security_group_ids":null,"reserved_concurrent_executions":-1,"runtime":"go1.x","s3_bucket":null,"s3_key":null,"s3_object_version":null,"skip_destroy":false,"snap_start":[],"source_code_hash":"wmbalFzzY/wG3ivChKElOZB3+B4gptmQyIat05p+fU4=","source_kms_key_arn":null,"tags":null,"tags_all":{"App":"cann","CreatedBy":"terraform","Environment":"production"},"tenancy_config":[],"timeout":10,"timeouts":null,"vpc_config":[]},"sensitive_values":{"architectures":[],"capacity_provider_config":[],"dead_letter_config":[],"durable_config":[],"environment":[{"variables":{}}],"ephemeral_storage":[],"file_system_config":[],"image_config":[],"logging_config":[],"snap_start":[],"tags_all":{},"tenancy_config":[],"tracing_config":[],"vpc_config":[]},"identity_schema_version":0,"identity":{"account_id":null,"function_name":null,"region":null}},{"address":"aws_lambda_function.send_telegram_notification","mode":"managed","type":"aws_lambda_function","name":"send_telegram_notification","provider_name":"registry.terraform.io/hashicorp/aws","schema_version":0,"values":{"capacity_provider_config":[],"code_signing_config_arn":null,"dead_letter_config":[],"description":null,"durable_config":[],"environment":[{"variables":{"SSM_TELEGRAM_AUTH_TOKEN":"/telegram/auth_token","SSM_TELEGRAM_CHANNEL_NAME":"/announcements/telegram/{announcement_id}/channel_name","SSM_TELEGRAM_CHAT_ID":"/announcements/telegram/{announcement_id}/chat_id"}}],"file_system_config":[],"filename":"./.dummy/lambda.zip","function_name":"cann-send-telegram-notification","handler":"main","image_config":[],"image_uri":null,"kms_key_arn":null,"layers":null,"memory_size":256,"package_type":"Zip","publish":false,"publish_to":null,"region":"eu-west-1","replace_security_groups_on_destroy":null,"replacement_security_group_ids":null,"reserved_concurrent_executions":-1,"runtime":"go1.x","s3_bucket":null,"s3_key":null,"s3_object_version":null,"skip_destroy":false,"snap_start":[],"source_code_hash":"wmbalFzzY/wG3ivChKElOZB3+B4gptmQyIat05p+fU4=","source_kms_key_arn":null,"tags":null,"tags_all":{"App":"cann","CreatedBy":"terraform","Environment":"production"},"tenancy_config":[],"timeout":30,"timeouts":null,"vpc_config":[]},"sensitive_values":{"architectures":[],"capacity_provider_config":[],"dead_letter_config":[],"durable_config":[],"environment":[{"variables":{}}],"ephemeral_storage":[],"file_system_config":[],"image_config":[],"logging_config":[],"snap_start":[],"tags_all":{},"tenancy_config":[],"tracing_config":[],"vpc_config":[]},"identity_schema_version":0,"identity":{"account_id":null,"function_name":null,"region":null}},{"address":"aws_lambda_permission.allow_dynamodb_stream","mode":"managed","type":"aws_lambda_permission","name":"allow_dynamodb_stream","provider_name":"registry.terraform.io/hashicorp/aws","schema_version":0,"values":{"action":"lambda:InvokeFunction","event_source_token":null,"function_name":"cann-send-notification","function_url_auth_type":null,"invoked_via_function_url":null,"principal":"dynamodb.amazonaws.com","principal_org_id":null,"qualifier":null,"region":"eu-west-1","source_account":null,"statement_id":"AllowExecutionFromDynamoDBStream"},"sensitive_values":{},"identity_schema_version":0,"identity":{"account_id":null,"function_name":null,"qualifier":null,"region":null,"statement_id":null}},{"address":"aws_lambda_permission.allow_sns","mode":"managed","type":"aws_lambda_permission","name":"allow_sns","provider_name":"registry.terraform.io/hashicorp/aws","schema_version":0,"values":{"action":"lambda:InvokeFunction","event_source_token":null,"function_name":"cann-send-telegram-notification","function_url_auth_type":null,"invoked_via_function_url":null,"principal":"sns.amazonaws.com","principal_org_id":null,"qualifier":null,"region":"eu-west-1","source_account":null,"statement_id":"AllowExecutionFromSNS"},"sensitive_values":{},"identity_schema_version":0,"identity":{"account_id":null,"function_name":null,"qualifier":null,"region":null,"statement_id":null}},{"address":"aws_sns_topic.notifications","mode":"managed","type":"aws_sns_topic","name":"notifications","provider_name":"registry.terraform.io/hashicorp/aws","schema_version":0,"values":{"application_failure_feedback_role_arn":null,"application_success_feedback_role_arn":null,"application_success_feedback_sample_rate":null,"archive_policy":null,"content_based_deduplication":false,"delivery_policy":null,"display_name":null,"fifo_topic":false,"firehose_failure_feedback_role_arn":null,"firehose_success_feedback_role_arn":null,"firehose_success_feedback_sample_rate":null,"http_failure_feedback_role_arn":null,"http_success_feedback_role_arn":null,"http_success_feedback_sample_rate":null,"kms_master_key_id":null,"lambda_failure_feedback_role_arn":null,"lambda_success_feedback_role_arn":null,"lambda_success_feedback_sample_rate":null,"name":"cann-notifications","region":"eu-west-1","sqs_failure_feedback_role_arn":null,"sqs_success_feedback_role_arn":null,"sqs_success_feedback_sample_rate":null,"tags":null,"tags_all":{"App":"cann","CreatedBy":"terraform","Environment":"production"}},"sensitive_values":{"tags_all":{}},"identity_schema_version":0,"identity":{"arn":null}},{"address":"aws_sns_topic_subscription.send_telegram_notification","mode":"managed","type":"aws_sns_topic_subscription","name":"send_telegram_notification","provider_name":"registry.terraform.io/hashicorp/aws","schema_version":0,"values":{"confirmation_timeout_in_minutes":1,"delivery_policy":null,"endpoint_auto_confirms":false,"filter_policy":null,"protocol":"lambda","raw_message_delivery":false,"redrive_policy":null,"region":"eu-west-1","replay_policy":null,"subscription_role_arn":null},"sensitive_values":{},"identity_schema_version":0,"identity":{"arn":null}},{"address":"aws_ssm_parameter.telegram_auth_token","mode":"managed","type":"aws_ssm_parameter","name":"telegram_auth_token","provider_name":"registry.terraform.io/hashicorp/aws","schema_version":0,"values":{"allowed_pattern":null,"description":"Telegram bot auth token","name":"/telegram/auth_token","overwrite":null,"region":"eu-west-1","tags":null,"tags_all":{"App":"cann","CreatedBy":"terraform","Environment":"production"},"type":"SecureString","value":"ai-basis-tf","value_wo":null,"value_wo_version":null},"sensitive_values":{"tags_all":{},"value":true,"value_wo":true},"identity_schema_version":0,"identity":{"account_id":null,"name":null,"region":null}},{"address":"data.aws_iam_policy_document.check_announcement","mode":"data","type":"aws_iam_policy_document","name":"check_announcement","provider_name":"registry.terraform.io/hashicorp/aws","schema_version":0,"values":{"override_json":null,"override_policy_documents":null,"policy_id":null,"source_json":null,"source_policy_documents":null,"statement":[{"actions":["dynamodb:GetItem","dynamodb:PutItem"],"condition":[],"effect":"Allow","not_actions":null,"not_principals":[],"not_resources":null,"principals":[],"resources":[null],"sid":null}],"version":null},"sensitive_values":{"statement":[{"actions":[false,false],"condition":[],"not_principals":[],"principals":[],"resources":[false]}]}},{"address":"data.aws_iam_policy_document.send_notification","mode":"data","type":"aws_iam_policy_document","name":"send_notification","provider_name":"registry.terraform.io/hashicorp/aws","schema_version":0,"values":{"override_json":null,"override_policy_documents":null,"policy_id":null,"source_json":null,"source_policy_documents":null,"statement":[{"actions":["sns:Publish"],"condition":[],"effect":"Allow","not_actions":null,"not_principals":[],"not_resources":null,"principals":[],"resources":[null],"sid":null}],"version":null},"sensitive_values":{"statement":[{"actions":[false],"condition":[],"not_principals":[],"principals":[],"resources":[false]}]}}]}},"resource_changes":[{"address":"data.aws_iam_policy_document.check_announcement","mode":"data","type":"aws_iam_policy_document","name":"check_announcement","provider_name":"registry.terraform.io/hashicorp/aws","change":{"actions":["read"],"before":null,"after":{"override_json":null,"override_policy_documents":null,"policy_id":null,"source_json":null,"source_policy_documents":null,"statement":[{"actions":["dynamodb:GetItem","dynamodb:PutItem"],"condition":[],"effect":"Allow","not_actions":null,"not_principals":[],"not_resources":null,"principals":[],"resources":[null],"sid":null}],"version":null},"after_unknown":{"id":true,"json":true,"minified_json":true,"statement":[{"actions":[false,false],"condition":[],"not_principals":[],"principals":[],"resources":[true]}]},"before_sensitive":false,"after_sensitive":{"statement":[{"actions":[false,false],"condition":[],"not_principals":[],"principals":[],"resources":[false]}]}},"action_reason":"read_because_config_unknown"},{"address":"data.aws_iam_policy_document.send_notification","mode":"data","type":"aws_iam_policy_document","name":"send_notification","provider_name":"registry.terraform.io/hashicorp/aws","change":{"actions":["read"],"before":null,"after":{"override_json":null,"override_policy_documents":null,"policy_id":null,"source_json":null,"source_policy_documents":null,"statement":[{"actions":["sns:Publish"],"condition":[],"effect":"Allow","not_actions":null,"not_principals":[],"not_resources":null,"principals":[],"resources":[null],"sid":null}],"version":null},"after_unknown":{"id":true,"json":true,"minified_json":true,"statement":[{"actions":[false],"condition":[],"not_principals":[],"principals":[],"resources":[true]}]},"before_sensitive":false,"after_sensitive":{"statement":[{"actions":[false],"condition":[],"not_principals":[],"principals":[],"resources":[false]}]}},"action_reason":"read_because_config_unknown"},{"address":"aws_cloudwatch_event_rule.check_announcement","mode":"managed","type":"aws_cloudwatch_event_rule","name":"check_announcement","provider_name":"registry.terraform.io/hashicorp/aws","change":{"actions":["create"],"before":null,"after":{"description":null,"event_bus_name":"default","event_pattern":null,"force_destroy":false,"is_enabled":null,"name":"cann-check-announcement","region":"eu-west-1","role_arn":null,"schedule_expression":"ai-basis-tf","state":null,"tags":null,"tags_all":{"App":"cann","CreatedBy":"terraform","Environment":"production"}},"after_unknown":{"arn":true,"id":true,"name_prefix":true,"tags_all":{}},"before_sensitive":false,"after_sensitive":{"tags_all":{}},"after_identity":{"account_id":null,"name":null,"region":null}}},{"address":"aws_cloudwatch_log_group.check_announcement","mode":"managed","type":"aws_cloudwatch_log_group","name":"check_announcement","provider_name":"registry.terraform.io/hashicorp/aws","change":{"actions":["create"],"before":null,"after":{"kms_key_id":null,"name":"/aws/lambda/cann-check-announcement","region":"eu-west-1","retention_in_days":14,"skip_destroy":false,"tags":null,"tags_all":{"App":"cann","CreatedBy":"terraform","Environment":"production"}},"after_unknown":{"arn":true,"deletion_protection_enabled":true,"id":true,"log_group_class":true,"name_prefix":true,"tags_all":{}},"before_sensitive":false,"after_sensitive":{"tags_all":{}},"after_identity":{"account_id":null,"name":null,"region":null}}},{"address":"aws_cloudwatch_log_group.send_notification","mode":"managed","type":"aws_cloudwatch_log_group","name":"send_notification","provider_name":"registry.terraform.io/hashicorp/aws","change":{"actions":["create"],"before":null,"after":{"kms_key_id":null,"name":"/aws/lambda/cann-send-notification","region":"eu-west-1","retention_in_days":14,"skip_destroy":false,"tags":null,"tags_all":{"App":"cann","CreatedBy":"terraform","Environment":"production"}},"after_unknown":{"arn":true,"deletion_protection_enabled":true,"id":true,"log_group_class":true,"name_prefix":true,"tags_all":{}},"before_sensitive":false,"after_sensitive":{"tags_all":{}},"after_identity":{"account_id":null,"name":null,"region":null}}},{"address":"aws_cloudwatch_log_group.send_telegram_notification","mode":"managed","type":"aws_cloudwatch_log_group","name":"send_telegram_notification","provider_name":"registry.terraform.io/hashicorp/aws","change":{"actions":["create"],"before":null,"after":{"kms_key_id":null,"name":"/aws/lambda/cann-send-telegram-notification","region":"eu-west-1","retention_in_days":14,"skip_destroy":false,"tags":null,"tags_all":{"App":"cann","CreatedBy":"terraform","Environment":"production"}},"after_unknown":{"arn":true,"deletion_protection_enabled":true,"id":true,"log_group_class":true,"name_prefix":true,"tags_all":{}},"before_sensitive":false,"after_sensitive":{"tags_all":{}},"after_identity":{"account_id":null,"name":null,"region":null}}},{"address":"aws_dynamodb_table.announcements","mode":"managed","type":"aws_dynamodb_table","name":"announcements","provider_name":"registry.terraform.io/hashicorp/aws","change":{"actions":["create"],"before":null,"after":{"attribute":[{"name":"URL","type":"S"}],"billing_mode":"PAY_PER_REQUEST","deletion_protection_enabled":null,"hash_key":"URL","import_table":[],"local_secondary_index":[],"name":"cann-announcements","on_demand_throughput":[],"range_key":null,"region":"eu-west-1","replica":[],"restore_date_time":null,"restore_source_name":null,"restore_source_table_arn":null,"restore_to_latest_time":null,"stream_enabled":true,"stream_view_type":"NEW_IMAGE","table_class":null,"tags":null,"tags_all":{"App":"cann","CreatedBy":"terraform","Environment":"production"},"timeouts":null,"ttl":[{"attribute_name":"TTL","enabled":true}]},"after_unknown":{"arn":true,"attribute":[{}],"global_secondary_index":true,"global_table_witness":true,"id":true,"import_table":[],"local_secondary_index":[],"on_demand_throughput":[],"point_in_time_recovery":true,"read_capacity":true,"replica":[],"server_side_encryption":true,"stream_arn":true,"stream_label":true,"tags_all":{},"ttl":[{}],"warm_throughput":true,"write_capacity":true},"before_sensitive":false,"after_sensitive":{"attribute":[{}],"global_secondary_index":[],"global_table_witness":[],"import_table":[],"local_secondary_index":[],"on_demand_throughput":[],"point_in_time_recovery":[],"replica":[],"server_side_encryption":[],"tags_all":{},"ttl":[{}],"warm_throughput":[]}}},{"address":"aws_iam_policy.check_announcement","mode":"managed","type":"aws_iam_policy","name":"check_announcement","provider_name":"registry.terraform.io/hashicorp/aws","change":{"actions":["create"],"before":null,"after":{"delay_after_policy_creation_in_ms":null,"description":null,"name":"cann-check-announcement","path":"/","tags":null,"tags_all":{"App":"cann","CreatedBy":"terraform","Environment":"production"}},"after_unknown":{"arn":true,"attachment_count":true,"id":true,"name_prefix":true,"policy":true,"policy_id":true,"tags_all":{}},"before_sensitive":false,"after_sensitive":{"tags_all":{}},"after_identity":{"arn":null}}},{"address":"aws_iam_policy.send_notification","mode":"managed","type":"aws_iam_policy","name":"send_notification","provider_name":"registry.terraform.io/hashicorp/aws","change":{"actions":["create"],"before":null,"after":{"delay_after_policy_creation_in_ms":null,"description":null,"name":"cann-send-notification","path":"/","tags":null,"tags_all":{"App":"cann","CreatedBy":"terraform","Environment":"production"}},"after_unknown":{"arn":true,"attachment_count":true,"id":true,"name_prefix":true,"policy":true,"policy_id":true,"tags_all":{}},"before_sensitive":false,"after_sensitive":{"tags_all":{}},"after_identity":{"arn":null}}},{"address":"aws_iam_policy.send_telegram_notification","mode":"managed","type":"aws_iam_policy","name":"send_telegram_notification","provider_name":"registry.terraform.io/hashicorp/aws","change":{"actions":["create"],"before":null,"after":{"delay_after_policy_creation_in_ms":null,"description":null,"name":"cann-send-telegram-notification","path":"/","policy":"{\"Statement\":[{\"Action\":[\"ssm:GetParametersByPath\",\"ssm:GetParameters\",\"ssm:GetParameter\"],\"Effect\":\"Allow\",\"Resource\":[\"arn:aws:ssm:eu-west-1:000000000000:parameter/telegram/auth_token\",\"arn:aws:ssm:eu-west-1:000000000000:parameter/announcements/telegram/*\"]},{\"Action\":\"kms:Decrypt\",\"Condition\":{\"StringEquals\":{\"kms:ViaService\":\"ssm.eu-west-1.amazonaws.com\"}},\"Effect\":\"Allow\",\"Resource\":\"*\"}],\"Version\":\"2012-10-17\"}","tags":null,"tags_all":{"App":"cann","CreatedBy":"terraform","Environment":"production"}},"after_unknown":{"arn":true,"attachment_count":true,"id":true,"name_prefix":true,"policy_id":true,"tags_all":{}},"before_sensitive":false,"after_sensitive":{"tags_all":{}},"after_identity":{"arn":null}}},{"address":"aws_iam_role.check_announcement","mode":"managed","type":"aws_iam_role","name":"check_announcement","provider_name":"registry.terraform.io/hashicorp/aws","change":{"actions":["create"],"before":null,"after":{"assume_role_policy":"{\"Statement\":[{\"Action\":\"sts:AssumeRole\",\"Effect\":\"Allow\",\"Principal\":{\"Service\":\"lambda.amazonaws.com\"}}],\"Version\":\"2012-10-17\"}","description":null,"force_detach_policies":false,"max_session_duration":3600,"name":"cann-check-announcement","path":"/","permissions_boundary":null,"tags":null,"tags_all":{"App":"cann","CreatedBy":"terraform","Environment":"production"}},"after_unknown":{"arn":true,"create_date":true,"id":true,"inline_policy":true,"managed_policy_arns":true,"name_prefix":true,"tags_all":{},"unique_id":true},"before_sensitive":false,"after_sensitive":{"inline_policy":[],"managed_policy_arns":[],"tags_all":{}},"after_identity":{"account_id":null,"name":null}}},{"address":"aws_iam_role.send_notification","mode":"managed","type":"aws_iam_role","name":"send_notification","provider_name":"registry.terraform.io/hashicorp/aws","change":{"actions":["create"],"before":null,"after":{"assume_role_policy":"{\"Statement\":[{\"Action\":\"sts:AssumeRole\",\"Effect\":\"Allow\",\"Principal\":{\"Service\":\"lambda.amazonaws.com\"}}],\"Version\":\"2012-10-17\"}","description":null,"force_detach_policies":false,"max_session_duration":3600,"name":"cann-send-notification","path":"/","permissions_boundary":null,"tags":null,"tags_all":{"App":"cann","CreatedBy":"terraform","Environment":"production"}},"after_unknown":{"arn":true,"create_date":true,"id":true,"inline_policy":true,"managed_policy_arns":true,"name_prefix":true,"tags_all":{},"unique_id":true},"before_sensitive":false,"after_sensitive":{"inline_policy":[],"managed_policy_arns":[],"tags_all":{}},"after_identity":{"account_id":null,"name":null}}},{"address":"aws_iam_role.send_telegram_notification","mode":"managed","type":"aws_iam_role","name":"send_telegram_notification","provider_name":"registry.terraform.io/hashicorp/aws","change":{"actions":["create"],"before":null,"after":{"assume_role_policy":"{\"Statement\":[{\"Action\":\"sts:AssumeRole\",\"Effect\":\"Allow\",\"Principal\":{\"Service\":\"lambda.amazonaws.com\"}}],\"Version\":\"2012-10-17\"}","description":null,"force_detach_policies":false,"max_session_duration":3600,"name":"cann-send-telegram-notification","path":"/","permissions_boundary":null,"tags":null,"tags_all":{"App":"cann","CreatedBy":"terraform","Environment":"production"}},"after_unknown":{"arn":true,"create_date":true,"id":true,"inline_policy":true,"managed_policy_arns":true,"name_prefix":true,"tags_all":{},"unique_id":true},"before_sensitive":false,"after_sensitive":{"inline_policy":[],"managed_policy_arns":[],"tags_all":{}},"after_identity":{"account_id":null,"name":null}}},{"address":"aws_iam_role_policy_attachment.check_announcement","mode":"managed","type":"aws_iam_role_policy_attachment","name":"check_announcement","provider_name":"registry.terraform.io/hashicorp/aws","change":{"actions":["create"],"before":null,"after":{"role":"cann-check-announcement"},"after_unknown":{"id":true,"policy_arn":true},"before_sensitive":false,"after_sensitive":{},"after_identity":{"account_id":null,"policy_arn":null,"role":null}}},{"address":"aws_iam_role_policy_attachment.lambda_basic_execution[\"check\"]","mode":"managed","type":"aws_iam_role_policy_attachment","name":"lambda_basic_execution","index":"check","provider_name":"registry.terraform.io/hashicorp/aws","change":{"actions":["create"],"before":null,"after":{"policy_arn":"arn:aws:iam::aws:policy/service-role/AWSLambdaBasicExecutionRole","role":"cann-check-announcement"},"after_unknown":{"id":true},"before_sensitive":false,"after_sensitive":{},"after_identity":{"account_id":null,"policy_arn":null,"role":null}}},{"address":"aws_iam_role_policy_attachment.lambda_basic_execution[\"sendn\"]","mode":"managed","type":"aws_iam_role_policy_attachment","name":"lambda_basic_execution","index":"sendn","provider_name":"registry.terraform.io/hashicorp/aws","change":{"actions":["create"],"before":null,"after":{"policy_arn":"arn:aws:iam::aws:policy/service-role/AWSLambdaBasicExecutionRole","role":"cann-send-notification"},"after_unknown":{"id":true},"before_sensitive":false,"after_sensitive":{},"after_identity":{"account_id":null,"policy_arn":null,"role":null}}},{"address":"aws_iam_role_policy_attachment.lambda_basic_execution[\"sendt\"]","mode":"managed","type":"aws_iam_role_policy_attachment","name":"lambda_basic_execution","index":"sendt","provider_name":"registry.terraform.io/hashicorp/aws","change":{"actions":["create"],"before":null,"after":{"policy_arn":"arn:aws:iam::aws:policy/service-role/AWSLambdaBasicExecutionRole","role":"cann-send-telegram-notification"},"after_unknown":{"id":true},"before_sensitive":false,"after_sensitive":{},"after_identity":{"account_id":null,"policy_arn":null,"role":null}}},{"address":"aws_iam_role_policy_attachment.send_notification","mode":"managed","type":"aws_iam_role_policy_attachment","name":"send_notification","provider_name":"registry.terraform.io/hashicorp/aws","change":{"actions":["create"],"before":null,"after":{"role":"cann-send-notification"},"after_unknown":{"id":true,"policy_arn":true},"before_sensitive":false,"after_sensitive":{},"after_identity":{"account_id":null,"policy_arn":null,"role":null}}},{"address":"aws_iam_role_policy_attachment.send_telegram_notification","mode":"managed","type":"aws_iam_role_policy_attachment","name":"send_telegram_notification","provider_name":"registry.terraform.io/hashicorp/aws","change":{"actions":["create"],"before":null,"after":{"role":"cann-send-telegram-notification"},"after_unknown":{"id":true,"policy_arn":true},"before_sensitive":false,"after_sensitive":{},"after_identity":{"account_id":null,"policy_arn":null,"role":null}}},{"address":"aws_lambda_event_source_mapping.dynamodb_to_send_notification","mode":"managed","type":"aws_lambda_event_source_mapping","name":"dynamodb_to_send_notification","provider_name":"registry.terraform.io/hashicorp/aws","change":{"actions":["create"],"before":null,"after":{"batch_size":null,"bisect_batch_on_function_error":null,"destination_config":[],"document_db_event_source_config":[],"enabled":true,"filter_criteria":[],"function_response_types":null,"kms_key_arn":null,"maximum_batching_window_in_seconds":null,"metrics_config":[],"provisioned_poller_config":[],"queues":null,"region":"eu-west-1","scaling_config":[],"self_managed_event_source":[],"source_access_configuration":[],"starting_position":"LATEST","starting_position_timestamp":null,"tags":null,"tags_all":{"App":"cann","CreatedBy":"terraform","Environment":"production"},"topics":null,"tumbling_window_in_seconds":null},"after_unknown":{"amazon_managed_kafka_event_source_config":true,"arn":true,"destination_config":[],"document_db_event_source_config":[],"event_source_arn":true,"filter_criteria":[],"function_arn":true,"function_name":true,"id":true,"last_modified":true,"last_processing_result":true,"maximum_record_age_in_seconds":true,"maximum_retry_attempts":true,"metrics_config":[],"parallelization_factor":true,"provisioned_poller_config":[],"scaling_config":[],"self_managed_event_source":[],"self_managed_kafka_event_source_config":true,"source_access_configuration":[],"state":true,"state_transition_reason":true,"tags_all":{},"uuid":true},"before_sensitive":false,"after_sensitive":{"amazon_managed_kafka_event_source_config":[],"destination_config":[],"document_db_event_source_config":[],"filter_criteria":[],"metrics_config":[],"provisioned_poller_config":[],"scaling_config":[],"self_managed_event_source":[],"self_managed_kafka_event_source_config":[],"source_access_configuration":[],"tags_all":{}}}},{"address":"aws_lambda_function.check_announcement","mode":"managed","type":"aws_lambda_function","name":"check_announcement","provider_name":"registry.terraform.io/hashicorp/aws","change":{"actions":["create"],"before":null,"after":{"capacity_provider_config":[],"code_signing_config_arn":null,"dead_letter_config":[],"description":null,"durable_config":[],"environment":[{"variables":{"BASE_URL":"http://www.gobcan.es/educacion/Nombramientos/Documentos","DATE_FORMAT":"02-01-06","DYNAMODB_TABLE":"cann-announcements"}}],"file_system_config":[],"filename":"./.dummy/lambda.zip","function_name":"cann-check-announcement","handler":"main","image_config":[],"image_uri":null,"kms_key_arn":null,"layers":null,"memory_size":128,"package_type":"Zip","publish":false,"publish_to":null,"region":"eu-west-1","replace_security_groups_on_destroy":null,"replacement_security_group_ids":null,"reserved_concurrent_executions":-1,"runtime":"go1.x","s3_bucket":null,"s3_key":null,"s3_object_version":null,"skip_destroy":false,"snap_start":[],"source_code_hash":"wmbalFzzY/wG3ivChKElOZB3+B4gptmQyIat05p+fU4=","source_kms_key_arn":null,"tags":null,"tags_all":{"App":"cann","CreatedBy":"terraform","Environment":"production"},"tenancy_config":[],"timeout":10,"timeouts":null,"vpc_config":[]},"after_unknown":{"architectures":true,"arn":true,"capacity_provider_config":[],"code_sha256":true,"dead_letter_config":[],"durable_config":[],"environment":[{"variables":{}}],"ephemeral_storage":true,"file_system_config":[],"id":true,"image_config":[],"invoke_arn":true,"last_modified":true,"logging_config":true,"qualified_arn":true,"qualified_invoke_arn":true,"response_streaming_invoke_arn":true,"role":true,"signing_job_arn":true,"signing_profile_version_arn":true,"snap_start":[],"source_code_size":true,"tags_all":{},"tenancy_config":[],"tracing_config":true,"version":true,"vpc_config":[]},"before_sensitive":false,"after_sensitive":{"architectures":[],"capacity_provider_config":[],"dead_letter_config":[],"durable_config":[],"environment":[{"variables":{}}],"ephemeral_storage":[],"file_system_config":[],"image_config":[],"logging_config":[],"snap_start":[],"tags_all":{},"tenancy_config":[],"tracing_config":[],"vpc_config":[]},"after_identity":{"account_id":null,"function_name":null,"region":null}}},{"address":"aws_lambda_function.send_notification","mode":"managed","type":"aws_lambda_function","name":"send_notification","provider_name":"registry.terraform.io/hashicorp/aws","change":{"actions":["create"],"before":null,"after":{"capacity_provider_config":[],"code_signing_config_arn":null,"dead_letter_config":[],"description":null,"durable_config":[],"environment":[{}],"file_system_config":[],"filename":"./.dummy/lambda.zip","function_name":"cann-send-notification","handler":"main","image_config":[],"image_uri":null,"kms_key_arn":null,"layers":null,"memory_size":128,"package_type":"Zip","publish":false,"publish_to":null,"region":"eu-west-1","replace_security_groups_on_destroy":null,"replacement_security_group_ids":null,"reserved_concurrent_executions":-1,"runtime":"go1.x","s3_bucket":null,"s3_key":null,"s3_object_version":null,"skip_destroy":false,"snap_start":[],"source_code_hash":"wmbalFzzY/wG3ivChKElOZB3+B4gptmQyIat05p+fU4=","source_kms_key_arn":null,"tags":null,"tags_all":{"App":"cann","CreatedBy":"terraform","Environment":"production"},"tenancy_config":[],"timeout":10,"timeouts":null,"vpc_config":[]},"after_unknown":{"architectures":true,"arn":true,"capacity_provider_config":[],"code_sha256":true,"dead_letter_config":[],"durable_config":[],"environment":[{"variables":true}],"ephemeral_storage":true,"file_system_config":[],"id":true,"image_config":[],"invoke_arn":true,"last_modified":true,"logging_config":true,"qualified_arn":true,"qualified_invoke_arn":true,"response_streaming_invoke_arn":true,"role":true,"signing_job_arn":true,"signing_profile_version_arn":true,"snap_start":[],"source_code_size":true,"tags_all":{},"tenancy_config":[],"tracing_config":true,"version":true,"vpc_config":[]},"before_sensitive":false,"after_sensitive":{"architectures":[],"capacity_provider_config":[],"dead_letter_config":[],"durable_config":[],"environment":[{"variables":{}}],"ephemeral_storage":[],"file_system_config":[],"image_config":[],"logging_config":[],"snap_start":[],"tags_all":{},"tenancy_config":[],"tracing_config":[],"vpc_config":[]},"after_identity":{"account_id":null,"function_name":null,"region":null}}},{"address":"aws_lambda_function.send_telegram_notification","mode":"managed","type":"aws_lambda_function","name":"send_telegram_notification","provider_name":"registry.terraform.io/hashicorp/aws","change":{"actions":["create"],"before":null,"after":{"capacity_provider_config":[],"code_signing_config_arn":null,"dead_letter_config":[],"description":null,"durable_config":[],"environment":[{"variables":{"SSM_TELEGRAM_AUTH_TOKEN":"/telegram/auth_token","SSM_TELEGRAM_CHANNEL_NAME":"/announcements/telegram/{announcement_id}/channel_name","SSM_TELEGRAM_CHAT_ID":"/announcements/telegram/{announcement_id}/chat_id"}}],"file_system_config":[],"filename":"./.dummy/lambda.zip","function_name":"cann-send-telegram-notification","handler":"main","image_config":[],"image_uri":null,"kms_key_arn":null,"layers":null,"memory_size":256,"package_type":"Zip","publish":false,"publish_to":null,"region":"eu-west-1","replace_security_groups_on_destroy":null,"replacement_security_group_ids":null,"reserved_concurrent_executions":-1,"runtime":"go1.x","s3_bucket":null,"s3_key":null,"s3_object_version":null,"skip_destroy":false,"snap_start":[],"source_code_hash":"wmbalFzzY/wG3ivChKElOZB3+B4gptmQyIat05p+fU4=","source_kms_key_arn":null,"tags":null,"tags_all":{"App":"cann","CreatedBy":"terraform","Environment":"production"},"tenancy_config":[],"timeout":30,"timeouts":null,"vpc_config":[]},"after_unknown":{"architectures":true,"arn":true,"capacity_provider_config":[],"code_sha256":true,"dead_letter_config":[],"durable_config":[],"environment":[{"variables":{}}],"ephemeral_storage":true,"file_system_config":[],"id":true,"image_config":[],"invoke_arn":true,"last_modified":true,"logging_config":true,"qualified_arn":true,"qualified_invoke_arn":true,"response_streaming_invoke_arn":true,"role":true,"signing_job_arn":true,"signing_profile_version_arn":true,"snap_start":[],"source_code_size":true,"tags_all":{},"tenancy_config":[],"tracing_config":true,"version":true,"vpc_config":[]},"before_sensitive":false,"after_sensitive":{"architectures":[],"capacity_provider_config":[],"dead_letter_config":[],"durable_config":[],"environment":[{"variables":{}}],"ephemeral_storage":[],"file_system_config":[],"image_config":[],"logging_config":[],"snap_start":[],"tags_all":{},"tenancy_config":[],"tracing_config":[],"vpc_config":[]},"after_identity":{"account_id":null,"function_name":null,"region":null}}},{"address":"aws_lambda_permission.allow_dynamodb_stream","mode":"managed","type":"aws_lambda_permission","name":"allow_dynamodb_stream","provider_name":"registry.terraform.io/hashicorp/aws","change":{"actions":["create"],"before":null,"after":{"action":"lambda:InvokeFunction","event_source_token":null,"function_name":"cann-send-notification","function_url_auth_type":null,"invoked_via_function_url":null,"principal":"dynamodb.amazonaws.com","principal_org_id":null,"qualifier":null,"region":"eu-west-1","source_account":null,"statement_id":"AllowExecutionFromDynamoDBStream"},"after_unknown":{"id":true,"source_arn":true,"statement_id_prefix":true},"before_sensitive":false,"after_sensitive":{},"after_identity":{"account_id":null,"function_name":null,"qualifier":null,"region":null,"statement_id":null}}},{"address":"aws_lambda_permission.allow_sns","mode":"managed","type":"aws_lambda_permission","name":"allow_sns","provider_name":"registry.terraform.io/hashicorp/aws","change":{"actions":["create"],"before":null,"after":{"action":"lambda:InvokeFunction","event_source_token":null,"function_name":"cann-send-telegram-notification","function_url_auth_type":null,"invoked_via_function_url":null,"principal":"sns.amazonaws.com","principal_org_id":null,"qualifier":null,"region":"eu-west-1","source_account":null,"statement_id":"AllowExecutionFromSNS"},"after_unknown":{"id":true,"source_arn":true,"statement_id_prefix":true},"before_sensitive":false,"after_sensitive":{},"after_identity":{"account_id":null,"function_name":null,"qualifier":null,"region":null,"statement_id":null}}},{"address":"aws_sns_topic.notifications","mode":"managed","type":"aws_sns_topic","name":"notifications","provider_name":"registry.terraform.io/hashicorp/aws","change":{"actions":["create"],"before":null,"after":{"application_failure_feedback_role_arn":null,"application_success_feedback_role_arn":null,"application_success_feedback_sample_rate":null,"archive_policy":null,"content_based_deduplication":false,"delivery_policy":null,"display_name":null,"fifo_topic":false,"firehose_failure_feedback_role_arn":null,"firehose_success_feedback_role_arn":null,"firehose_success_feedback_sample_rate":null,"http_failure_feedback_role_arn":null,"http_success_feedback_role_arn":null,"http_success_feedback_sample_rate":null,"kms_master_key_id":null,"lambda_failure_feedback_role_arn":null,"lambda_success_feedback_role_arn":null,"lambda_success_feedback_sample_rate":null,"name":"cann-notifications","region":"eu-west-1","sqs_failure_feedback_role_arn":null,"sqs_success_feedback_role_arn":null,"sqs_success_feedback_sample_rate":null,"tags":null,"tags_all":{"App":"cann","CreatedBy":"terraform","Environment":"production"}},"after_unknown":{"arn":true,"beginning_archive_time":true,"fifo_throughput_scope":true,"id":true,"name_prefix":true,"owner":true,"policy":true,"signature_version":true,"tags_all":{},"tracing_config":true},"before_sensitive":false,"after_sensitive":{"tags_all":{}},"after_identity":{"arn":null}}},{"address":"aws_sns_topic_subscription.send_telegram_notification","mode":"managed","type":"aws_sns_topic_subscription","name":"send_telegram_notification","provider_name":"registry.terraform.io/hashicorp/aws","change":{"actions":["create"],"before":null,"after":{"confirmation_timeout_in_minutes":1,"delivery_policy":null,"endpoint_auto_confirms":false,"filter_policy":null,"protocol":"lambda","raw_message_delivery":false,"redrive_policy":null,"region":"eu-west-1","replay_policy":null,"subscription_role_arn":null},"after_unknown":{"arn":true,"confirmation_was_authenticated":true,"endpoint":true,"filter_policy_scope":true,"id":true,"owner_id":true,"pending_confirmation":true,"topic_arn":true},"before_sensitive":false,"after_sensitive":{},"after_identity":{"arn":null}}},{"address":"aws_ssm_parameter.telegram_auth_token","mode":"managed","type":"aws_ssm_parameter","name":"telegram_auth_token","provider_name":"registry.terraform.io/hashicorp/aws","change":{"actions":["create"],"before":null,"after":{"allowed_pattern":null,"description":"Telegram bot auth token","name":"/telegram/auth_token","overwrite":null,"region":"eu-west-1","tags":null,"tags_all":{"App":"cann","CreatedBy":"terraform","Environment":"production"},"type":"SecureString","value":"ai-basis-tf","value_wo":null,"value_wo_version":null},"after_unknown":{"arn":true,"data_type":true,"has_value_wo":true,"id":true,"insecure_value":true,"key_id":true,"tags_all":{},"tier":true,"version":true},"before_sensitive":false,"after_sensitive":{"tags_all":{},"value":true,"value_wo":true},"after_identity":{"account_id":null,"name":null,"region":null}}}],"output_changes":{"check_announcement_lambda_arn":{"actions":["create"],"before":null,"after_unknown":true,"before_sensitive":false,"after_sensitive":false},"dynamodb_table_name":{"actions":["create"],"before":null,"after":"cann-announcements","after_unknown":false,"before_sensitive":false,"after_sensitive":false},"send_notification_lambda_arn":{"actions":["create"],"before":null,"after_unknown":true,"before_sensitive":false,"after_sensitive":false},"send_telegram_notification_lambda_arn":{"actions":["create"],"before":null,"after_unknown":true,"before_sensitive":false,"after_sensitive":false},"sns_topic_arn":{"actions":["create"],"before":null,"after_unknown":true,"before_sensitive":false,"after_sensitive":false}},"prior_state":{"format_version":"1.0","terraform_version":"1.13.5","values":{"outputs":{"dynamodb_table_name":{"sensitive":false,"value":"cann-announcements","type":"string"}},"root_module":{"resources":[{"address":"data.archive_file.lambda_dummy","mode":"data","type":"archive_file","name":"lambda_dummy","provider_name":"registry.terraform.io/hashicorp/archive","schema_version":0,"values":{"exclude_symlink_directories":null,"excludes":null,"id":"58e93fade67637870be5af38eff8d5aa66c7da49","output_base64sha256":"wmbalFzzY/wG3ivChKElOZB3+B4gptmQyIat05p+fU4=","output_base64sha512":"BQYAg1LwEY4tDmry1VoRx6StX0vjH+7LpfB5KAZLVvfJQjioPbBv1QxI6QF6P2U614fU3h9XKBCb9z5Y1ornqA==","output_file_mode":null,"output_md5":"a0dbd832a6a977d6d5b28ea5c85e30fb","output_path":"./.dummy/lambda.zip","output_sha":"58e93fade67637870be5af38eff8d5aa66c7da49","output_sha256":"c266da945cf363fc06de2bc284a125399077f81e20a6d990c886add39a7e7d4e","output_sha512":"0506008352f0118e2d0e6af2d55a11c7a4ad5f4be31feecba5f07928064b56f7c94238a83db06fd50c48e9017a3f653ad787d4de1f5728109bf73e58d68ae7a8","output_size":246,"source":[{"content":"exports.handler = async (event) =\u003e {\n  console.log(\"Dummy lambda invoked\");\n  return { statusCode: 200, body: \"dummy\" };\n};\n","filename":"index.js"}],"source_content":null,"source_content_filename":null,"source_dir":null,"source_file":null,"type":"zip"},"sensitive_values":{"source":[{}]}},{"address":"data.aws_caller_identity.current","mode":"data","type":"aws_caller_identity","name":"current","provider_name":"registry.terraform.io/hashicorp/aws","schema_version":0,"values":{"account_id":"000000000000","arn":"arn:aws:iam::000000000000:root","id":"000000000000","user_id":"AKIAIOSFODNN7EXAMPLE"},"sensitive_values":{}},{"address":"data.aws_iam_policy_document.lambda_assume_role","mode":"data","type":"aws_iam_policy_document","name":"lambda_assume_role","provider_name":"registry.terraform.io/hashicorp/aws","schema_version":0,"values":{"id":"2690255455","json":"{\n  \"Version\": \"2012-10-17\",\n  \"Statement\": [\n    {\n      \"Effect\": \"Allow\",\n      \"Action\": \"sts:AssumeRole\",\n      \"Principal\": {\n        \"Service\": \"lambda.amazonaws.com\"\n      }\n    }\n  ]\n}","minified_json":"{\"Version\":\"2012-10-17\",\"Statement\":[{\"Effect\":\"Allow\",\"Action\":\"sts:AssumeRole\",\"Principal\":{\"Service\":\"lambda.amazonaws.com\"}}]}","override_json":null,"override_policy_documents":null,"policy_id":null,"source_json":null,"source_policy_documents":null,"statement":[{"actions":["sts:AssumeRole"],"condition":[],"effect":"Allow","not_actions":[],"not_principals":[],"not_resources":[],"principals":[{"identifiers":["lambda.amazonaws.com"],"type":"Service"}],"resources":[],"sid":""}],"version":"2012-10-17"},"sensitive_values":{"statement":[{"actions":[false],"condition":[],"not_actions":[],"not_principals":[],"not_resources":[],"principals":[{"identifiers":[false]}],"resources":[]}]}},{"address":"data.aws_iam_policy_document.send_telegram_notification","mode":"data","type":"aws_iam_policy_document","name":"send_telegram_notification","provider_name":"registry.terraform.io/hashicorp/aws","schema_version":0,"values":{"id":"4247090107","json":"{\n  \"Version\": \"2012-10-17\",\n  \"Statement\": [\n    {\n      \"Effect\": \"Allow\",\n      \"Action\": [\n        \"ssm:GetParametersByPath\",\n        \"ssm:GetParameters\",\n        \"ssm:GetParameter\"\n      ],\n      \"Resource\": [\n        \"arn:aws:ssm:eu-west-1:000000000000:parameter/telegram/auth_token\",\n        \"arn:aws:ssm:eu-west-1:000000000000:parameter/announcements/telegram/*\"\n      ]\n    },\n    {\n      \"Effect\": \"Allow\",\n      \"Action\": \"kms:Decrypt\",\n      \"Resource\": \"*\",\n      \"Condition\": {\n        \"StringEquals\": {\n          \"kms:ViaService\": \"ssm.eu-west-1.amazonaws.com\"\n        }\n      }\n    }\n  ]\n}","minified_json":"{\"Version\":\"2012-10-17\",\"Statement\":[{\"Effect\":\"Allow\",\"Action\":[\"ssm:GetParametersByPath\",\"ssm:GetParameters\",\"ssm:GetParameter\"],\"Resource\":[\"arn:aws:ssm:eu-west-1:000000000000:parameter/telegram/auth_token\",\"arn:aws:ssm:eu-west-1:000000000000:parameter/announcements/telegram/*\"]},{\"Effect\":\"Allow\",\"Action\":\"kms:Decrypt\",\"Resource\":\"*\",\"Condition\":{\"StringEquals\":{\"kms:ViaService\":\"ssm.eu-west-1.amazonaws.com\"}}}]}","override_json":null,"override_policy_documents":null,"policy_id":null,"source_json":null,"source_policy_documents":null,"statement":[{"actions":["ssm:GetParameter","ssm:GetParameters","ssm:GetParametersByPath"],"condition":[],"effect":"Allow","not_actions":[],"not_principals":[],"not_resources":[],"principals":[],"resources":["arn:aws:ssm:eu-west-1:000000000000:parameter/announcements/telegram/*","arn:aws:ssm:eu-west-1:000000000000:parameter/telegram/auth_token"],"sid":""},{"actions":["kms:Decrypt"],"condition":[{"test":"StringEquals","values":["ssm.eu-west-1.amazonaws.com"],"variable":"kms:ViaService"}],"effect":"Allow","not_actions":[],"not_principals":[],"not_resources":[],"principals":[],"resources":["*"],"sid":""}],"version":"2012-10-17"},"sensitive_values":{"statement":[{"actions":[false,false,false],"condition":[],"not_actions":[],"not_principals":[],"not_resources":[],"principals":[],"resources":[false,false]},{"actions":[false],"condition":[{"values":[false]}],"not_actions":[],"not_principals":[],"not_resources":[],"principals":[],"resources":[false]}]}},{"address":"data.aws_partition.current","mode":"data","type":"aws_partition","name":"current","provider_name":"registry.terraform.io/hashicorp/aws","schema_version":0,"values":{"dns_suffix":"amazonaws.com","id":"aws","partition":"aws","reverse_dns_prefix":"com.amazonaws"},"sensitive_values":{}},{"address":"data.aws_region.current","mode":"data","type":"aws_region","name":"current","provider_name":"registry.terraform.io/hashicorp/aws","schema_version":0,"values":{"description":"Europe (Ireland)","endpoint":"ec2.eu-west-1.amazonaws.com","id":"eu-west-1","name":"eu-west-1","region":"eu-west-1"},"sensitive_values":{}}]}}},"configuration":{"provider_config":{"archive":{"name":"archive","full_name":"registry.terraform.io/hashicorp/archive"},"aws":{"name":"aws","full_name":"registry.terraform.io/hashicorp/aws","version_constraint":"\u003e= 5.0.0","expressions":{"default_tags":[{"tags":{"references":["var.tags"]}}],"region":{"references":["var.aws_region"]}}}},"root_module":{"outputs":{"check_announcement_lambda_arn":{"expression":{"references":["aws_lambda_function.check_announcement.arn","aws_lambda_function.check_announcement"]}},"dynamodb_table_name":{"expression":{"references":["aws_dynamodb_table.announcements.name","aws_dynamodb_table.announcements"]},"description":"DynamoDB table used to store processed announcements"},"send_notification_lambda_arn":{"expression":{"references":["aws_lambda_function.send_notification.arn","aws_lambda_function.send_notification"]}},"send_telegram_notification_lambda_arn":{"expression":{"references":["aws_lambda_function.send_telegram_notification.arn","aws_lambda_function.send_telegram_notification"]}},"sns_topic_arn":{"expression":{"references":["aws_sns_topic.notifications.arn","aws_sns_topic.notifications"]},"description":"SNS topic used for fan-out notifications"}},"resources":[{"address":"aws_cloudwatch_event_rule.check_announcement","mode":"managed","type":"aws_cloudwatch_event_rule","name":"check_announcement","provider_config_key":"aws","expressions":{"name":{"references":["local.name_prefix"]},"schedule_expression":{"references":["var.schedule_expression"]}},"schema_version":1},{"address":"aws_cloudwatch_event_target.check_announcement","mode":"managed","type":"aws_cloudwatch_event_target","name":"check_announcement","provider_config_key":"aws","expressions":{"arn":{"references":["aws_lambda_function.check_announcement.arn","aws_lambda_function.check_announcement"]},"input":{"references":["each.key"]},"rule":{"references":["aws_cloudwatch_event_rule.check_announcement.name","aws_cloudwatch_event_rule.check_announcement"]},"target_id":{"references":["each.key"]}},"schema_version":1,"for_each_expression":{"references":["var.announcements"]}},{"address":"aws_cloudwatch_log_group.check_announcement","mode":"managed","type":"aws_cloudwatch_log_group","name":"check_announcement","provider_config_key":"aws","expressions":{"name":{"references":["local.name_prefix"]},"retention_in_days":{"constant_value":14}},"schema_version":0},{"address":"aws_cloudwatch_log_group.send_notification","mode":"managed","type":"aws_cloudwatch_log_group","name":"send_notification","provider_config_key":"aws","expressions":{"name":{"references":["local.name_prefix"]},"retention_in_days":{"constant_value":14}},"schema_version":0},{"address":"aws_cloudwatch_log_group.send_telegram_notification","mode":"managed","type":"aws_cloudwatch_log_group","name":"send_telegram_notification","provider_config_key":"aws","expressions":{"name":{"references":["local.name_prefix"]},"retention_in_days":{"constant_value":14}},"schema_version":0},{"address":"aws_dynamodb_table.announcements","mode":"managed","type":"aws_dynamodb_table","name":"announcements","provider_config_key":"aws","expressions":{"attribute":[{"name":{"constant_value":"URL"},"type":{"constant_value":"S"}}],"billing_mode":{"constant_value":"PAY_PER_REQUEST"},"hash_key":{"constant_value":"URL"},"name":{"references":["local.name_prefix"]},"stream_enabled":{"constant_value":true},"stream_view_type":{"constant_value":"NEW_IMAGE"},"ttl":[{"attribute_name":{"constant_value":"TTL"},"enabled":{"constant_value":true}}]},"schema_version":1},{"address":"aws_iam_policy.check_announcement","mode":"managed","type":"aws_iam_policy","name":"check_announcement","provider_config_key":"aws","expressions":{"name":{"references":["local.name_prefix"]},"policy":{"references":["data.aws_iam_policy_document.check_announcement.json","data.aws_iam_policy_document.check_announcement"]}},"schema_version":0},{"address":"aws_iam_policy.send_notification","mode":"managed","type":"aws_iam_policy","name":"send_notification","provider_config_key":"aws","expressions":{"name":{"references":["local.name_prefix"]},"policy":{"references":["data.aws_iam_policy_document.send_notification.json","data.aws_iam_policy_document.send_notification"]}},"schema_version":0},{"address":"aws_iam_policy.send_telegram_notification","mode":"managed","type":"aws_iam_policy","name":"send_telegram_notification","provider_config_key":"aws","expressions":{"name":{"references":["local.name_prefix"]},"policy":{"references":["data.aws_iam_policy_document.send_telegram_notification.json","data.aws_iam_policy_document.send_telegram_notification"]}},"schema_version":0},{"address":"aws_iam_role.check_announcement","mode":"managed","type":"aws_iam_role","name":"check_announcement","provider_config_key":"aws","expressions":{"assume_role_policy":{"references":["data.aws_iam_policy_document.lambda_assume_role.json","data.aws_iam_policy_document.lambda_assume_role"]},"name":{"references":["local.name_prefix"]}},"schema_version":0},{"address":"aws_iam_role.send_notification","mode":"managed","type":"aws_iam_role","name":"send_notification","provider_config_key":"aws","expressions":{"assume_role_policy":{"references":["data.aws_iam_policy_document.lambda_assume_role.json","data.aws_iam_policy_document.lambda_assume_role"]},"name":{"references":["local.name_prefix"]}},"schema_version":0},{"address":"aws_iam_role.send_telegram_notification","mode":"managed","type":"aws_iam_role","name":"send_telegram_notification","provider_config_key":"aws","expressions":{"assume_role_policy":{"references":["data.aws_iam_policy_document.lambda_assume_role.json","data.aws_iam_policy_document.lambda_assume_role"]},"name":{"references":["local.name_prefix"]}},"schema_version":0},{"address":"aws_iam_role_policy_attachment.check_announcement","mode":"managed","type":"aws_iam_role_policy_attachment","name":"check_announcement","provider_config_key":"aws","expressions":{"policy_arn":{"references":["aws_iam_policy.check_announcement.arn","aws_iam_policy.check_announcement"]},"role":{"references":["aws_iam_role.check_announcement.name","aws_iam_role.check_announcement"]}},"schema_version":0},{"address":"aws_iam_role_policy_attachment.lambda_basic_execution","mode":"managed","type":"aws_iam_role_policy_attachment","name":"lambda_basic_execution","provider_config_key":"aws","expressions":{"policy_arn":{"references":["data.aws_partition.current.partition","data.aws_partition.current"]},"role":{"references":["each.value"]}},"schema_version":0,"for_each_expression":{"references":["aws_iam_role.check_announcement.name","aws_iam_role.check_announcement","aws_iam_role.send_notification.name","aws_iam_role.send_notification","aws_iam_role.send_telegram_notification.name","aws_iam_role.send_telegram_notification"]}},{"address":"aws_iam_role_policy_attachment.send_notification","mode":"managed","type":"aws_iam_role_policy_attachment","name":"send_notification","provider_config_key":"aws","expressions":{"policy_arn":{"references":["aws_iam_policy.send_notification.arn","aws_iam_policy.send_notification"]},"role":{"references":["aws_iam_role.send_notification.name","aws_iam_role.send_notification"]}},"schema_version":0},{"address":"aws_iam_role_policy_attachment.send_telegram_notification","mode":"managed","type":"aws_iam_role_policy_attachment","name":"send_telegram_notification","provider_config_key":"aws","expressions":{"policy_arn":{"references":["aws_iam_policy.send_telegram_notification.arn","aws_iam_policy.send_telegram_notification"]},"role":{"references":["aws_iam_role.send_telegram_notification.name","aws_iam_role.send_telegram_notification"]}},"schema_version":0},{"address":"aws_lambda_event_source_mapping.dynamodb_to_send_notification","mode":"managed","type":"aws_lambda_event_source_mapping","name":"dynamodb_to_send_notification","provider_config_key":"aws","expressions":{"event_source_arn":{"references":["aws_dynamodb_table.announcements.stream_arn","aws_dynamodb_table.announcements"]},"function_name":{"references":["aws_lambda_function.send_notification.arn","aws_lambda_function.send_notification"]},"starting_position":{"constant_value":"LATEST"}},"schema_version":0,"depends_on":["aws_lambda_permission.allow_dynamodb_stream"]},{"address":"aws_lambda_function.check_announcement","mode":"managed","type":"aws_lambda_function","name":"check_announcement","provider_config_key":"aws","expressions":{"environment":[{"variables":{"references":["aws_dynamodb_table.announcements.name","aws_dynamodb_table.announcements","var.base_url","var.date_format"]}}],"filename":{"references":["local.lambda_dummy_zip"]},"function_name":{"references":["local.name_prefix"]},"handler":{"constant_value":"main"},"memory_size":{"constant_value":128},"role":{"references":["aws_iam_role.check_announcement.arn","aws_iam_role.check_announcement"]},"runtime":{"constant_value":"go1.x"},"source_code_hash":{"references":["data.archive_file.lambda_dummy.output_base64sha256","data.archive_file.lambda_dummy"]},"timeout":{"constant_value":10}},"schema_version":0,"depends_on":["aws_cloudwatch_log_group.check_announcement"]},{"address":"aws_lambda_function.send_notification","mode":"managed","type":"aws_lambda_function","name":"send_notification","provider_config_key":"aws","expressions":{"environment":[{"variables":{"references":["aws_sns_topic.notifications.arn","aws_sns_topic.notifications"]}}],"filename":{"references":["local.lambda_dummy_zip"]},"function_name":{"references":["local.name_prefix"]},"handler":{"constant_value":"main"},"memory_size":{"constant_value":128},"role":{"references":["aws_iam_role.send_notification.arn","aws_iam_role.send_notification"]},"runtime":{"constant_value":"go1.x"},"source_code_hash":{"references":["data.archive_file.lambda_dummy.output_base64sha256","data.archive_file.lambda_dummy"]},"timeout":{"constant_value":10}},"schema_version":0,"depends_on":["aws_cloudwatch_log_group.send_notification"]},{"address":"aws_lambda_function.send_telegram_notification","mode":"managed","type":"aws_lambda_function","name":"send_telegram_notification","provider_config_key":"aws","expressions":{"environment":[{"variables":{"references":["aws_ssm_parameter.telegram_auth_token.name","aws_ssm_parameter.telegram_auth_token","local.announcement_param_prefix","local.announcement_param_prefix"]}}],"filename":{"references":["local.lambda_dummy_zip"]},"function_name":{"references":["local.name_prefix"]},"handler":{"constant_value":"main"},"memory_size":{"constant_value":256},"role":{"references":["aws_iam_role.send_telegram_notification.arn","aws_iam_role.send_telegram_notification"]},"runtime":{"constant_value":"go1.x"},"source_code_hash":{"references":["data.archive_file.lambda_dummy.output_base64sha256","data.archive_file.lambda_dummy"]},"timeout":{"constant_value":30}},"schema_version":0,"depends_on":["aws_cloudwatch_log_group.send_telegram_notification"]},{"address":"aws_lambda_permission.allow_dynamodb_stream","mode":"managed","type":"aws_lambda_permission","name":"allow_dynamodb_stream","provider_config_key":"aws","expressions":{"action":{"constant_value":"lambda:InvokeFunction"},"function_name":{"references":["aws_lambda_function.send_notification.function_name","aws_lambda_function.send_notification"]},"principal":{"constant_value":"dynamodb.amazonaws.com"},"source_arn":{"references":["aws_dynamodb_table.announcements.stream_arn","aws_dynamodb_table.announcements"]},"statement_id":{"constant_value":"AllowExecutionFromDynamoDBStream"}},"schema_version":0},{"address":"aws_lambda_permission.allow_eventbridge","mode":"managed","type":"aws_lambda_permission","name":"allow_eventbridge","provider_config_key":"aws","expressions":{"action":{"constant_value":"lambda:InvokeFunction"},"function_name":{"references":["aws_lambda_function.check_announcement.function_name","aws_lambda_function.check_announcement"]},"principal":{"constant_value":"events.amazonaws.com"},"source_arn":{"references":["aws_cloudwatch_event_rule.check_announcement.arn","aws_cloudwatch_event_rule.check_announcement"]},"statement_id":{"references":["each.key"]}},"schema_version":0,"for_each_expression":{"references":["var.announcements"]}},{"address":"aws_lambda_permission.allow_sns","mode":"managed","type":"aws_lambda_permission","name":"allow_sns","provider_config_key":"aws","expressions":{"action":{"constant_value":"lambda:InvokeFunction"},"function_name":{"references":["aws_lambda_function.send_telegram_notification.function_name","aws_lambda_function.send_telegram_notification"]},"principal":{"constant_value":"sns.amazonaws.com"},"source_arn":{"references":["aws_sns_topic.notifications.arn","aws_sns_topic.notifications"]},"statement_id":{"constant_value":"AllowExecutionFromSNS"}},"schema_version":0},{"address":"aws_sns_topic.notifications","mode":"managed","type":"aws_sns_topic","name":"notifications","provider_config_key":"aws","expressions":{"name":{"references":["local.name_prefix"]}},"schema_version":0},{"address":"aws_sns_topic_subscription.send_telegram_notification","mode":"managed","type":"aws_sns_topic_subscription","name":"send_telegram_notification","provider_config_key":"aws","expressions":{"endpoint":{"references":["aws_lambda_function.send_telegram_notification.arn","aws_lambda_function.send_telegram_notification"]},"protocol":{"constant_value":"lambda"},"topic_arn":{"references":["aws_sns_topic.notifications.arn","aws_sns_topic.notifications"]}},"schema_version":0},{"address":"aws_ssm_parameter.telegram_auth_token","mode":"managed","type":"aws_ssm_parameter","name":"telegram_auth_token","provider_config_key":"aws","expressions":{"description":{"constant_value":"Telegram bot auth token"},"name":{"references":["local.ssm_auth_token_name"]},"type":{"constant_value":"SecureString"},"value":{"references":["var.telegram_auth_token"]}},"schema_version":0},{"address":"aws_ssm_parameter.telegram_channel_name","mode":"managed","type":"aws_ssm_parameter","name":"telegram_channel_name","provider_config_key":"aws","expressions":{"description":{"references":["each.key"]},"name":{"references":["local.announcement_param_prefix","each.key"]},"type":{"constant_value":"String"},"value":{"references":["each.value.telegram_channel_name","each.value"]}},"schema_version":0,"for_each_expression":{"references":["var.announcements"]}},{"address":"aws_ssm_parameter.telegram_chat_id","mode":"managed","type":"aws_ssm_parameter","name":"telegram_chat_id","provider_config_key":"aws","expressions":{"description":{"references":["each.key"]},"name":{"references":["local.announcement_param_prefix","each.key"]},"type":{"constant_value":"String"},"value":{"references":["each.value.telegram_chat_id","each.value"]}},"schema_version":0,"for_each_expression":{"references":["var.announcements"]}},{"address":"data.archive_file.lambda_dummy","mode":"data","type":"archive_file","name":"lambda_dummy","provider_config_key":"archive","expressions":{"output_path":{"references":["local.lambda_dummy_zip"]},"source":[{"content":{"constant_value":"exports.handler = async (event) =\u003e {\n  console.log(\"Dummy lambda invoked\");\n  return { statusCode: 200, body: \"dummy\" };\n};\n"},"filename":{"constant_value":"index.js"}}],"type":{"constant_value":"zip"}},"schema_version":0},{"address":"data.aws_caller_identity.current","mode":"data","type":"aws_caller_identity","name":"current","provider_config_key":"aws","schema_version":0},{"address":"data.aws_iam_policy_document.check_announcement","mode":"data","type":"aws_iam_policy_document","name":"check_announcement","provider_config_key":"aws","expressions":{"statement":[{"actions":{"constant_value":["dynamodb:GetItem","dynamodb:PutItem"]},"effect":{"constant_value":"Allow"},"resources":{"references":["aws_dynamodb_table.announcements.arn","aws_dynamodb_table.announcements"]}}]},"schema_version":0},{"address":"data.aws_iam_policy_document.lambda_assume_role","mode":"data","type":"aws_iam_policy_document","name":"lambda_assume_role","provider_config_key":"aws","expressions":{"statement":[{"actions":{"constant_value":["sts:AssumeRole"]},"effect":{"constant_value":"Allow"},"principals":[{"identifiers":{"constant_value":["lambda.amazonaws.com"]},"type":{"constant_value":"Service"}}]}]},"schema_version":0},{"address":"data.aws_iam_policy_document.send_notification","mode":"data","type":"aws_iam_policy_document","name":"send_notification","provider_config_key":"aws","expressions":{"statement":[{"actions":{"constant_value":["sns:Publish"]},"effect":{"constant_value":"Allow"},"resources":{"references":["aws_sns_topic.notifications.arn","aws_sns_topic.notifications"]}}]},"schema_version":0},{"address":"data.aws_iam_policy_document.send_telegram_notification","mode":"data","type":"aws_iam_policy_document","name":"send_telegram_notification","provider_config_key":"aws","expressions":{"statement":[{"actions":{"constant_value":["ssm:GetParameter","ssm:GetParameters","ssm:GetParametersByPath"]},"effect":{"constant_value":"Allow"},"resources":{"references":["data.aws_partition.current.partition","data.aws_partition.current","data.aws_region.current.name","data.aws_region.current","data.aws_caller_identity.current.account_id","data.aws_caller_identity.current","local.ssm_auth_token_name","data.aws_partition.current.partition","data.aws_partition.current","data.aws_region.current.name","data.aws_region.current","data.aws_caller_identity.current.account_id","data.aws_caller_identity.current","local.announcement_param_prefix"]}},{"actions":{"constant_value":["kms:Decrypt"]},"condition":[{"test":{"constant_value":"StringEquals"},"values":{"references":["data.aws_region.current.name","data.aws_region.current"]},"variable":{"constant_value":"kms:ViaService"}}],"effect":{"constant_value":"Allow"},"resources":{"constant_value":["*"]}}]},"schema_version":0},{"address":"data.aws_partition.current","mode":"data","type":"aws_partition","name":"current","provider_config_key":"aws","schema_version":0},{"address":"data.aws_region.current","mode":"data","type":"aws_region","name":"current","provider_config_key":"aws","schema_version":0}],"variables":{"announcements":{"description":"Map of announcement IDs to Telegram destination configuration"},"app_name":{"default":"cann","description":"Application name/prefix used for resource naming"},"aws_region":{"default":"eu-west-1","description":"AWS region to deploy into"},"base_url":{"default":"http://www.gobcan.es/educacion/Nombramientos/Documentos","description":"Base URL where announcements are published"},"date_format":{"default":"02-01-06","description":"Date format used in announcements filenames"},"schedule_expression":{"description":"CloudWatch Events / EventBridge schedule expression to trigger the check_announcement lambda"},"tags":{"default":{"App":"cann","CreatedBy":"terraform","Environment":"production"},"description":"Tags to apply to resources"},"telegram_auth_token":{"description":"Telegram bot auth token stored in SSM Parameter Store","sensitive":true}}}},"relevant_attributes":[{"resource":"aws_dynamodb_table.announcements","attribute":["name"]},{"resource":"aws_iam_role.check_announcement","attribute":["name"]},{"resource":"data.aws_iam_policy_document.check_announcement","attribute":["json"]},{"resource":"aws_lambda_function.send_notification","attribute":["function_name"]},{"resource":"aws_lambda_function.send_telegram_notification","attribute":["arn"]},{"resource":"data.aws_iam_policy_document.send_notification","attribute":["json"]},{"resource":"aws_lambda_function.check_announcement","attribute":["arn"]},{"resource":"aws_lambda_function.send_notification","attribute":["arn"]},{"resource":"data.aws_partition.current","attribute":["partition"]},{"resource":"aws_sns_topic.notifications","attribute":["arn"]},{"resource":"data.aws_iam_policy_document.send_telegram_notification","attribute":["json"]},{"resource":"aws_iam_role.send_telegram_notification","attribute":["arn"]},{"resource":"aws_dynamodb_table.announcements","attribute":["arn"]},{"resource":"aws_dynamodb_table.announcements","attribute":["stream_arn"]},{"resource":"aws_iam_policy.send_telegram_notification","attribute":["arn"]},{"resource":"data.archive_file.lambda_dummy","attribute":["output_base64sha256"]},{"resource":"data.aws_iam_policy_document.lambda_assume_role","attribute":["json"]},{"resource":"aws_iam_policy.check_announcement","attribute":["arn"]},{"resource":"aws_iam_role.send_notification","attribute":["arn"]},{"resource":"aws_iam_role.send_telegram_notification","attribute":["name"]},{"resource":"aws_iam_policy.send_notification","attribute":["arn"]},{"resource":"aws_iam_role.check_announcement","attribute":["arn"]},{"resource":"aws_lambda_function.send_telegram_notification","attribute":["function_name"]},{"resource":"aws_iam_role.send_notification","attribute":["name"]},{"resource":"aws_ssm_parameter.telegram_auth_token","attribute":["name"]}],"timestamp":"2026-01-25T12:53:02Z","applyable":true,"complete":true,"errored":false}
