{"format_version":"1.2","terraform_version":"1.13.5","variables":{"cpu":{"value":"2"},"dotfiles_uri":{"value":""},"node_version":{"value":"lts"},"python_version":{"value":"3.10"},"ram":{"value":"2"},"share_app":{"value":"public"},"share_vscode":{"value":"authenticated"}},"planned_values":{"root_module":{"resources":[{"address":"coder_agent.main","mode":"managed","type":"coder_agent","name":"main","provider_name":"registry.terraform.io/coder/coder","schema_version":0,"values":{"arch":"amd64","auth":"token","connection_timeout":120,"dir":null,"env":{"GIT_AUTHOR_EMAIL":"","GIT_AUTHOR_NAME":"default","GIT_COMMITTER_EMAIL":"","GIT_COMMITTER_NAME":"default"},"login_before_ready":true,"metadata":[],"motd_file":null,"os":"linux","shutdown_script":null,"shutdown_script_timeout":300,"startup_script":"    #!/bin/sh\n    # install and start code-server\n    curl -fsSL https://code-server.dev/install.sh | sh\n    code-server --auth none --port 13337 \u0026\n    coder dotfiles -y \n","startup_script_timeout":300,"troubleshooting_url":null},"sensitive_values":{"env":{},"metadata":[],"token":true}},{"address":"coder_app.code-server","mode":"managed","type":"coder_app","name":"code-server","provider_name":"registry.terraform.io/coder/coder","schema_version":0,"values":{"command":null,"display_name":"VS Code","external":false,"healthcheck":[],"icon":"/icon/code.svg","name":null,"relative_path":null,"share":"authenticated","slug":"code-server","subdomain":null,"url":"http://localhost:13337/?folder=/home/coder"},"sensitive_values":{"healthcheck":[]}},{"address":"coder_app.fastapi","mode":"managed","type":"coder_app","name":"fastapi","provider_name":"registry.terraform.io/coder/coder","schema_version":0,"values":{"command":null,"display_name":"FastAPI","external":false,"healthcheck":[],"icon":"https://styles.redditmedia.com/t5_22y58b/styles/communityIcon_r5ax236rfw961.png","name":null,"relative_path":null,"share":"public","slug":"fastapi","subdomain":true,"url":"http://localhost:8000"},"sensitive_values":{"healthcheck":[]}},{"address":"coder_app.react","mode":"managed","type":"coder_app","name":"react","provider_name":"registry.terraform.io/coder/coder","schema_version":0,"values":{"command":null,"display_name":"React","external":false,"healthcheck":[],"icon":"https://upload.wikimedia.org/wikipedia/commons/thumb/a/a7/React-icon.svg/1200px-React-icon.svg.png","name":null,"relative_path":null,"share":"public","slug":"react","subdomain":true,"url":"http://localhost:3000"},"sensitive_values":{"healthcheck":[]}},{"address":"coder_metadata.info[0]","mode":"managed","type":"coder_metadata","name":"info","index":0,"provider_name":"registry.terraform.io/coder/coder","schema_version":0,"values":{"daily_cost":null,"hide":null,"icon":"https://raw.githubusercontent.com/github/explore/80688e429a7d4ef2fca1e82350fe8e3517d3494d/topics/python/python.png","item":[{"key":"Python Version","sensitive":false,"value":"v 3.10"},{"key":"Nodejs Version","sensitive":false,"value":"v lts"},{"key":"CPU","sensitive":false,"value":"2"},{"key":"RAM","sensitive":false,"value":"2"},{"key":"dotfiles","sensitive":false,"value":""}]},"sensitive_values":{"item":[{},{},{},{},{}]}},{"address":"docker_container.workspace[0]","mode":"managed","type":"docker_container","name":"workspace","index":0,"provider_name":"registry.terraform.io/kreuzwerker/docker","schema_version":2,"values":{"attach":false,"capabilities":[],"cgroupns_mode":null,"container_read_refresh_timeout_milliseconds":15000,"cpu_set":null,"cpu_shares":2,"destroy_grace_seconds":null,"devices":[],"dns":["1.1.1.1"],"dns_opts":null,"dns_search":null,"domainname":null,"gpus":null,"group_add":null,"host":[{"host":"host.docker.internal","ip":"host-gateway"}],"image":"coder-python-default-default","labels":[{"label":"coder.owner","value":"default"},{"label":"coder.owner_id","value":"00000000-0000-0000-0000-000000000000"},{"label":"coder.workspace_id","value":"159db279-840a-4f1b-b4da-89a214a00dfa"},{"label":"coder.workspace_name","value":"default"}],"log_opts":null,"logs":false,"max_retry_count":null,"memory":2048,"memory_swap":null,"mounts":[],"must_run":true,"name":"coder-default-default","network_mode":null,"networks_advanced":[{"aliases":["app"],"ipv4_address":"","ipv6_address":"","name":"coder-network-default-default"}],"pid_mode":null,"ports":[],"privileged":null,"publish_all_ports":null,"read_only":false,"remove_volumes":true,"restart":"no","rm":false,"runtime":"sysbox-runc","start":true,"stdin_open":false,"storage_opts":null,"sysctls":null,"tmpfs":null,"tty":false,"ulimit":[],"upload":[],"user":null,"userns_mode":null,"volumes":[{"container_path":"/home/coder","from_container":"","host_path":"","read_only":false,"volume_name":"coder-default-default-root"}],"wait":false,"wait_timeout":60,"working_dir":null},"sensitive_values":{"capabilities":[],"command":[],"devices":[],"dns":[false],"entrypoint":[],"env":true,"healthcheck":[],"host":[{}],"labels":[{},{},{},{}],"mounts":[],"network_data":[],"networks_advanced":[{"aliases":[false]}],"ports":[],"security_opts":[],"ulimit":[],"upload":[],"volumes":[{}]}},{"address":"docker_image.main","mode":"managed","type":"docker_image","name":"main","provider_name":"registry.terraform.io/kreuzwerker/docker","schema_version":0,"values":{"build":[{"auth_config":[],"build_arg":null,"build_args":{"NODE_VER":"lts","PYTHON_VER":"3.10"},"build_id":"","cache_from":[],"cgroup_parent":"","context":"./build","cpu_period":null,"cpu_quota":null,"cpu_set_cpus":"","cpu_set_mems":"","cpu_shares":null,"dockerfile":"Dockerfile","extra_hosts":[],"force_remove":null,"isolation":"","label":null,"labels":null,"memory":null,"memory_swap":null,"network_mode":"","no_cache":null,"platform":"","pull_parent":null,"remote_context":"","remove":true,"security_opt":[],"session_id":"","shm_size":null,"squash":null,"suppress_output":null,"tag":[],"target":"","ulimit":[],"version":""}],"force_remove":null,"keep_locally":null,"name":"coder-python-default-default","platform":null,"pull_triggers":null,"triggers":null},"sensitive_values":{"build":[{"auth_config":[],"build_args":{},"cache_from":[],"extra_hosts":[],"security_opt":[],"tag":[],"ulimit":[]}]}},{"address":"docker_network.network","mode":"managed","type":"docker_network","name":"network","provider_name":"registry.terraform.io/kreuzwerker/docker","schema_version":1,"values":{"attachable":null,"check_duplicate":null,"ingress":null,"ipam_driver":"default","ipam_options":null,"ipv6":null,"labels":[],"name":"coder-network-default-default"},"sensitive_values":{"ipam_config":[],"labels":[],"options":{}}},{"address":"docker_volume.home_volume","mode":"managed","type":"docker_volume","name":"home_volume","provider_name":"registry.terraform.io/kreuzwerker/docker","schema_version":1,"values":{"driver_opts":null,"labels":[],"name":"coder-default-default-root"},"sensitive_values":{"labels":[]}}]}},"resource_changes":[{"address":"coder_agent.main","mode":"managed","type":"coder_agent","name":"main","provider_name":"registry.terraform.io/coder/coder","change":{"actions":["create"],"before":null,"after":{"arch":"amd64","auth":"token","connection_timeout":120,"dir":null,"env":{"GIT_AUTHOR_EMAIL":"","GIT_AUTHOR_NAME":"default","GIT_COMMITTER_EMAIL":"","GIT_COMMITTER_NAME":"default"},"login_before_ready":true,"metadata":[],"motd_file":null,"os":"linux","shutdown_script":null,"shutdown_script_timeout":300,"startup_script":"    #!/bin/sh\n    # install and start code-server\n    curl -fsSL https://code-server.dev/install.sh | sh\n    code-server --auth none --port 13337 \u0026\n    coder dotfiles -y \n","startup_script_timeout":300,"troubleshooting_url":null},"after_unknown":{"env":{},"id":true,"init_script":true,"metadata":[],"token":true},"before_sensitive":false,"after_sensitive":{"env":{},"metadata":[],"token":true}}},{"address":"coder_app.code-server","mode":"managed","type":"coder_app","name":"code-server","provider_name":"registry.terraform.io/coder/coder","change":{"actions":["create"],"before":null,"after":{"command":null,"display_name":"VS Code","external":false,"healthcheck":[],"icon":"/icon/code.svg","name":null,"relative_path":null,"share":"authenticated","slug":"code-server","subdomain":null,"url":"http://localhost:13337/?folder=/home/coder"},"after_unknown":{"agent_id":true,"healthcheck":[],"id":true},"before_sensitive":false,"after_sensitive":{"healthcheck":[]}}},{"address":"coder_app.fastapi","mode":"managed","type":"coder_app","name":"fastapi","provider_name":"registry.terraform.io/coder/coder","change":{"actions":["create"],"before":null,"after":{"command":null,"display_name":"FastAPI","external":false,"healthcheck":[],"icon":"https://styles.redditmedia.com/t5_22y58b/styles/communityIcon_r5ax236rfw961.png","name":null,"relative_path":null,"share":"public","slug":"fastapi","subdomain":true,"url":"http://localhost:8000"},"after_unknown":{"agent_id":true,"healthcheck":[],"id":true},"before_sensitive":false,"after_sensitive":{"healthcheck":[]}}},{"address":"coder_app.react","mode":"managed","type":"coder_app","name":"react","provider_name":"registry.terraform.io/coder/coder","change":{"actions":["create"],"before":null,"after":{"command":null,"display_name":"React","external":false,"healthcheck":[],"icon":"https://upload.wikimedia.org/wikipedia/commons/thumb/a/a7/React-icon.svg/1200px-React-icon.svg.png","name":null,"relative_path":null,"share":"public","slug":"react","subdomain":true,"url":"http://localhost:3000"},"after_unknown":{"agent_id":true,"healthcheck":[],"id":true},"before_sensitive":false,"after_sensitive":{"healthcheck":[]}}},{"address":"coder_metadata.info[0]","mode":"managed","type":"coder_metadata","name":"info","index":0,"provider_name":"registry.terraform.io/coder/coder","change":{"actions":["create"],"before":null,"after":{"daily_cost":null,"hide":null,"icon":"https://raw.githubusercontent.com/github/explore/80688e429a7d4ef2fca1e82350fe8e3517d3494d/topics/python/python.png","item":[{"key":"Python Version","sensitive":false,"value":"v 3.10"},{"key":"Nodejs Version","sensitive":false,"value":"v lts"},{"key":"CPU","sensitive":false,"value":"2"},{"key":"RAM","sensitive":false,"value":"2"},{"key":"dotfiles","sensitive":false,"value":""}]},"after_unknown":{"id":true,"item":[{"is_null":true},{"is_null":true},{"is_null":true},{"is_null":true},{"is_null":true}],"resource_id":true},"before_sensitive":false,"after_sensitive":{"item":[{},{},{},{},{}]}}},{"address":"docker_container.workspace[0]","mode":"managed","type":"docker_container","name":"workspace","index":0,"provider_name":"registry.terraform.io/kreuzwerker/docker","change":{"actions":["create"],"before":null,"after":{"attach":false,"capabilities":[],"cgroupns_mode":null,"container_read_refresh_timeout_milliseconds":15000,"cpu_set":null,"cpu_shares":2,"destroy_grace_seconds":null,"devices":[],"dns":["1.1.1.1"],"dns_opts":null,"dns_search":null,"domainname":null,"gpus":null,"group_add":null,"host":[{"host":"host.docker.internal","ip":"host-gateway"}],"image":"coder-python-default-default","labels":[{"label":"coder.owner","value":"default"},{"label":"coder.owner_id","value":"00000000-0000-0000-0000-000000000000"},{"label":"coder.workspace_id","value":"159db279-840a-4f1b-b4da-89a214a00dfa"},{"label":"coder.workspace_name","value":"default"}],"log_opts":null,"logs":false,"max_retry_count":null,"memory":2048,"memory_swap":null,"mounts":[],"must_run":true,"name":"coder-default-default","network_mode":null,"networks_advanced":[{"aliases":["app"],"ipv4_address":"","ipv6_address":"","name":"coder-network-default-default"}],"pid_mode":null,"ports":[],"privileged":null,"publish_all_ports":null,"read_only":false,"remove_volumes":true,"restart":"no","rm":false,"runtime":"sysbox-runc","start":true,"stdin_open":false,"storage_opts":null,"sysctls":null,"tmpfs":null,"tty":false,"ulimit":[],"upload":[],"user":null,"userns_mode":null,"volumes":[{"container_path":"/home/coder","from_container":"","host_path":"","read_only":false,"volume_name":"coder-default-default-root"}],"wait":false,"wait_timeout":60,"working_dir":null},"after_unknown":{"bridge":true,"capabilities":[],"command":true,"container_logs":true,"devices":[],"dns":[false],"entrypoint":true,"env":true,"exit_code":true,"healthcheck":true,"host":[{}],"hostname":true,"id":true,"init":true,"ipc_mode":true,"labels":[{},{},{},{}],"log_driver":true,"mounts":[],"network_data":true,"networks_advanced":[{"aliases":[false]}],"ports":[],"security_opts":true,"shm_size":true,"stop_signal":true,"stop_timeout":true,"ulimit":[],"upload":[],"volumes":[{}]},"before_sensitive":false,"after_sensitive":{"capabilities":[],"command":[],"devices":[],"dns":[false],"entrypoint":[],"env":true,"healthcheck":[],"host":[{}],"labels":[{},{},{},{}],"mounts":[],"network_data":[],"networks_advanced":[{"aliases":[false]}],"ports":[],"security_opts":[],"ulimit":[],"upload":[],"volumes":[{}]}}},{"address":"docker_image.main","mode":"managed","type":"docker_image","name":"main","provider_name":"registry.terraform.io/kreuzwerker/docker","change":{"actions":["create"],"before":null,"after":{"build":[{"auth_config":[],"build_arg":null,"build_args":{"NODE_VER":"lts","PYTHON_VER":"3.10"},"build_id":"","cache_from":[],"cgroup_parent":"","context":"./build","cpu_period":null,"cpu_quota":null,"cpu_set_cpus":"","cpu_set_mems":"","cpu_shares":null,"dockerfile":"Dockerfile","extra_hosts":[],"force_remove":null,"isolation":"","label":null,"labels":null,"memory":null,"memory_swap":null,"network_mode":"","no_cache":null,"platform":"","pull_parent":null,"remote_context":"","remove":true,"security_opt":[],"session_id":"","shm_size":null,"squash":null,"suppress_output":null,"tag":[],"target":"","ulimit":[],"version":""}],"force_remove":null,"keep_locally":null,"name":"coder-python-default-default","platform":null,"pull_triggers":null,"triggers":null},"after_unknown":{"build":[{"auth_config":[],"build_args":{},"cache_from":[],"extra_hosts":[],"security_opt":[],"tag":[],"ulimit":[]}],"id":true,"image_id":true,"repo_digest":true},"before_sensitive":false,"after_sensitive":{"build":[{"auth_config":[],"build_args":{},"cache_from":[],"extra_hosts":[],"security_opt":[],"tag":[],"ulimit":[]}]}}},{"address":"docker_network.network","mode":"managed","type":"docker_network","name":"network","provider_name":"registry.terraform.io/kreuzwerker/docker","change":{"actions":["create"],"before":null,"after":{"attachable":null,"check_duplicate":null,"ingress":null,"ipam_driver":"default","ipam_options":null,"ipv6":null,"labels":[],"name":"coder-network-default-default"},"after_unknown":{"driver":true,"id":true,"internal":true,"ipam_config":true,"labels":[],"options":true,"scope":true},"before_sensitive":false,"after_sensitive":{"ipam_config":[],"labels":[],"options":{}}}},{"address":"docker_volume.home_volume","mode":"managed","type":"docker_volume","name":"home_volume","provider_name":"registry.terraform.io/kreuzwerker/docker","change":{"actions":["create"],"before":null,"after":{"driver_opts":null,"labels":[],"name":"coder-default-default-root"},"after_unknown":{"driver":true,"id":true,"labels":[],"mountpoint":true},"before_sensitive":false,"after_sensitive":{"labels":[]}}}],"prior_state":{"format_version":"1.0","terraform_version":"1.13.5","values":{"root_module":{"resources":[{"address":"data.coder_workspace.me","mode":"data","type":"coder_workspace","name":"me","provider_name":"registry.terraform.io/coder/coder","schema_version":0,"values":{"access_port":443,"access_url":"https://mydeployment.coder.com","id":"159db279-840a-4f1b-b4da-89a214a00dfa","name":"default","owner":"default","owner_email":"","owner_id":"00000000-0000-0000-0000-000000000000","owner_oidc_access_token":"","start_count":1,"transition":"start"},"sensitive_values":{}}]}}},"configuration":{"provider_config":{"aws":{"name":"aws","full_name":"registry.terraform.io/hashicorp/aws","expressions":{"access_key":{"constant_value":"mock"},"endpoints":[{"apigateway":{"constant_value":"http://localhost:4566"},"apigatewayv2":{"constant_value":"http://localhost:4566"},"cloudwatch":{"constant_value":"http://localhost:4566"},"cloudwatchevents":{"constant_value":"http://localhost:4566"},"dynamodb":{"constant_value":"http://localhost:4566"},"ec2":{"constant_value":"http://localhost:4566"},"ecr":{"constant_value":"http://localhost:4566"},"ecrpublic":{"constant_value":"http://localhost:4566"},"ecs":{"constant_value":"http://localhost:4566"},"efs":{"constant_value":"http://localhost:4566"},"iam":{"constant_value":"http://localhost:4566"},"kinesis":{"constant_value":"http://localhost:4566"},"kms":{"constant_value":"http://localhost:4566"},"lambda":{"constant_value":"http://localhost:4566"},"logs":{"constant_value":"http://localhost:4566"},"route53":{"constant_value":"http://localhost:4566"},"s3":{"constant_value":"http://localhost:4566"},"s3control":{"constant_value":"http://localhost:4566"},"secretsmanager":{"constant_value":"http://localhost:4566"},"sns":{"constant_value":"http://localhost:4566"},"sqs":{"constant_value":"http://localhost:4566"},"ssm":{"constant_value":"http://localhost:4566"},"sts":{"constant_value":"http://localhost:4566"}}],"region":{"constant_value":"us-east-1"},"s3_use_path_style":{"constant_value":true},"secret_key":{"constant_value":"mock"},"skip_credentials_validation":{"constant_value":true},"skip_metadata_api_check":{"constant_value":true},"skip_region_validation":{"constant_value":true},"skip_requesting_account_id":{"constant_value":true}}},"coder":{"name":"coder","full_name":"registry.terraform.io/coder/coder","version_constraint":"0.7.0"},"docker":{"name":"docker","full_name":"registry.terraform.io/kreuzwerker/docker","version_constraint":"~\u003e 3.0.2"}},"root_module":{"resources":[{"address":"coder_agent.main","mode":"managed","type":"coder_agent","name":"main","provider_config_key":"coder","expressions":{"arch":{"constant_value":"amd64"},"env":{"references":["data.coder_workspace.me.owner","data.coder_workspace.me","data.coder_workspace.me.owner","data.coder_workspace.me","data.coder_workspace.me.owner_email","data.coder_workspace.me","data.coder_workspace.me.owner_email","data.coder_workspace.me"]},"os":{"constant_value":"linux"},"startup_script":{"references":["var.dotfiles_uri"]}},"schema_version":0},{"address":"coder_app.code-server","mode":"managed","type":"coder_app","name":"code-server","provider_config_key":"coder","expressions":{"agent_id":{"references":["coder_agent.main.id","coder_agent.main"]},"display_name":{"constant_value":"VS Code"},"icon":{"constant_value":"/icon/code.svg"},"share":{"references":["var.share_vscode"]},"slug":{"constant_value":"code-server"},"url":{"constant_value":"http://localhost:13337/?folder=/home/coder"}},"schema_version":0},{"address":"coder_app.fastapi","mode":"managed","type":"coder_app","name":"fastapi","provider_config_key":"coder","expressions":{"agent_id":{"references":["coder_agent.main.id","coder_agent.main"]},"display_name":{"constant_value":"FastAPI"},"icon":{"constant_value":"https://styles.redditmedia.com/t5_22y58b/styles/communityIcon_r5ax236rfw961.png"},"share":{"references":["var.share_app"]},"slug":{"constant_value":"fastapi"},"subdomain":{"constant_value":true},"url":{"constant_value":"http://localhost:8000"}},"schema_version":0},{"address":"coder_app.react","mode":"managed","type":"coder_app","name":"react","provider_config_key":"coder","expressions":{"agent_id":{"references":["coder_agent.main.id","coder_agent.main"]},"display_name":{"constant_value":"React"},"icon":{"constant_value":"https://upload.wikimedia.org/wikipedia/commons/thumb/a/a7/React-icon.svg/1200px-React-icon.svg.png"},"share":{"references":["var.share_app"]},"slug":{"constant_value":"react"},"subdomain":{"constant_value":true},"url":{"constant_value":"http://localhost:3000"}},"schema_version":0},{"address":"coder_metadata.info","mode":"managed","type":"coder_metadata","name":"info","provider_config_key":"coder","expressions":{"icon":{"constant_value":"https://raw.githubusercontent.com/github/explore/80688e429a7d4ef2fca1e82350fe8e3517d3494d/topics/python/python.png"},"item":[{"key":{"constant_value":"Python Version"},"value":{"references":["var.python_version"]}},{"key":{"constant_value":"Nodejs Version"},"value":{"references":["var.node_version"]}},{"key":{"constant_value":"CPU"},"value":{"references":["var.cpu"]}},{"key":{"constant_value":"RAM"},"value":{"references":["var.ram"]}},{"key":{"constant_value":"dotfiles"},"value":{"references":["var.dotfiles_uri"]}}],"resource_id":{"references":["docker_container.workspace[0].id","docker_container.workspace[0]","docker_container.workspace"]}},"schema_version":0,"count_expression":{"references":["data.coder_workspace.me.start_count","data.coder_workspace.me"]}},{"address":"docker_container.workspace","mode":"managed","type":"docker_container","name":"workspace","provider_config_key":"docker","expressions":{"command":{"references":["coder_agent.main.init_script","coder_agent.main"]},"cpu_shares":{"references":["var.cpu"]},"dns":{"constant_value":["1.1.1.1"]},"env":{"references":["coder_agent.main.token","coder_agent.main"]},"host":[{"host":{"constant_value":"host.docker.internal"},"ip":{"constant_value":"host-gateway"}}],"image":{"references":["docker_image.main.name","docker_image.main"]},"labels":[{"label":{"constant_value":"coder.owner"},"value":{"references":["data.coder_workspace.me.owner","data.coder_workspace.me"]}},{"label":{"constant_value":"coder.owner_id"},"value":{"references":["data.coder_workspace.me.owner_id","data.coder_workspace.me"]}},{"label":{"constant_value":"coder.workspace_id"},"value":{"references":["data.coder_workspace.me.id","data.coder_workspace.me"]}},{"label":{"constant_value":"coder.workspace_name"},"value":{"references":["data.coder_workspace.me.name","data.coder_workspace.me"]}}],"memory":{"references":["var.ram"]},"name":{"references":["local.coder_identify"]},"networks_advanced":[{"aliases":{"constant_value":["app"]},"name":{"references":["local.network_name"]}}],"runtime":{"constant_value":"sysbox-runc"},"volumes":[{"container_path":{"constant_value":"/home/coder"},"read_only":{"constant_value":false},"volume_name":{"references":["docker_volume.home_volume.name","docker_volume.home_volume"]}}]},"schema_version":2,"count_expression":{"references":["data.coder_workspace.me.start_count","data.coder_workspace.me"]}},{"address":"docker_image.main","mode":"managed","type":"docker_image","name":"main","provider_config_key":"docker","expressions":{"build":[{"build_args":{"references":["var.python_version","var.node_version"]},"context":{"constant_value":"./build"}}],"name":{"references":["local.coder_identify"]}},"schema_version":0},{"address":"docker_network.network","mode":"managed","type":"docker_network","name":"network","provider_config_key":"docker","expressions":{"name":{"references":["local.network_name"]}},"schema_version":1},{"address":"docker_volume.home_volume","mode":"managed","type":"docker_volume","name":"home_volume","provider_config_key":"docker","expressions":{"name":{"references":["local.coder_identify"]}},"schema_version":1},{"address":"data.coder_workspace.me","mode":"data","type":"coder_workspace","name":"me","provider_config_key":"coder","schema_version":0}],"variables":{"cpu":{"default":"2","description":"How many CPU cores for this workspace? (max 8 cores)"},"dotfiles_uri":{"default":"","description":"Dotfiles URI (optional), see https://dotfiles.github.io"},"node_version":{"default":"lts","description":"Python Version?"},"python_version":{"default":"3.10","description":"Python Version?"},"ram":{"default":"2","description":"Choose RAM for your workspace? (min: 2 GB, max: 16 GB)"},"share_app":{"default":"public","description":"Share Pynecone (3000, 8000)?"},"share_vscode":{"default":"authenticated","description":"Share Code Server?"}}}},"relevant_attributes":[{"resource":"data.coder_workspace.me","attribute":["owner"]},{"resource":"data.coder_workspace.me","attribute":["owner_email"]},{"resource":"coder_agent.main","attribute":["init_script"]},{"resource":"coder_agent.main","attribute":["token"]},{"resource":"coder_agent.main","attribute":["id"]},{"resource":"docker_container.workspace[0]","attribute":["id"]},{"resource":"docker_volume.home_volume","attribute":["name"]},{"resource":"data.coder_workspace.me","attribute":["id"]},{"resource":"data.coder_workspace.me","attribute":["owner_id"]},{"resource":"docker_image.main","attribute":["name"]},{"resource":"data.coder_workspace.me","attribute":["name"]}],"checks":[{"address":{"kind":"var","name":"cpu","to_display":"var.cpu"},"status":"pass","instances":[{"address":{"to_display":"var.cpu"},"status":"pass"}]},{"address":{"kind":"var","name":"node_version","to_display":"var.node_version"},"status":"pass","instances":[{"address":{"to_display":"var.node_version"},"status":"pass"}]},{"address":{"kind":"var","name":"python_version","to_display":"var.python_version"},"status":"pass","instances":[{"address":{"to_display":"var.python_version"},"status":"pass"}]},{"address":{"kind":"var","name":"ram","to_display":"var.ram"},"status":"pass","instances":[{"address":{"to_display":"var.ram"},"status":"pass"}]},{"address":{"kind":"var","name":"share_app","to_display":"var.share_app"},"status":"pass","instances":[{"address":{"to_display":"var.share_app"},"status":"pass"}]},{"address":{"kind":"var","name":"share_vscode","to_display":"var.share_vscode"},"status":"pass","instances":[{"address":{"to_display":"var.share_vscode"},"status":"pass"}]}],"timestamp":"2026-01-25T14:38:22Z","applyable":true,"complete":true,"errored":false}
