{
  "version": 4,
  "terraform_version": "1.13.5",
  "serial": 1,
  "lineage": "9388326a-d8c8-0931-ad41-8145f935f8b3",
  "outputs": {},
  "resources": [
    {
      "mode": "managed",
      "type": "random_id",
      "name": "bucket_id",
      "provider": "provider[\"registry.terraform.io/hashicorp/random\"]",
      "instances": [
        {
          "schema_version": 0,
          "attributes": {
            "b64_std": "tDTWgA==",
            "b64_url": "tDTWgA",
            "byte_length": 4,
            "dec": "3023361664",
            "hex": "b434d680",
            "id": "tDTWgA",
            "keepers": null,
            "prefix": null
          },
          "sensitive_attributes": [],
          "identity_schema_version": 0
        }
      ]
    }
  ],
  "check_results": null
}
