data.aws_vpc.default: Reading...
data.aws_vpc.default: Read complete after 0s [id=vpc-ae102119635565da1]

Terraform used the selected providers to generate the following execution
plan. Resource actions are indicated with the following symbols:
  + create

Terraform will perform the following actions:

  # aws_ecs_cluster.wp-ecs-cluster will be created
  + resource "aws_ecs_cluster" "wp-ecs-cluster" {
      + arn      = (known after apply)
      + id       = (known after apply)
      + name     = "waypoint-server"
      + region   = "ca-central-1"
      + tags_all = (known after apply)

      + setting (known after apply)
    }

Plan: 1 to add, 0 to change, 0 to destroy.
aws_ecs_cluster.wp-ecs-cluster: Creating...
aws_ecs_cluster.wp-ecs-cluster: Still creating... [00m10s elapsed]
aws_ecs_cluster.wp-ecs-cluster: Creation complete after 10s [id=arn:aws:ecs:ca-central-1:000000000000:cluster/waypoint-server]

Apply complete! Resources: 1 added, 0 changed, 0 destroyed.
