{"format_version":"1.2","terraform_version":"1.13.5","variables":{"region":{"value":"ca-central-1"}},"planned_values":{"root_module":{"resources":[{"address":"aws_ecs_cluster.wp-ecs-cluster","mode":"managed","type":"aws_ecs_cluster","name":"wp-ecs-cluster","provider_name":"registry.terraform.io/hashicorp/aws","schema_version":0,"values":{"configuration":[],"name":"waypoint-server","region":"ca-central-1","service_connect_defaults":[],"tags":null},"sensitive_values":{"configuration":[],"service_connect_defaults":[],"setting":[],"tags_all":{}}}]}},"resource_changes":[{"address":"aws_ecs_cluster.wp-ecs-cluster","mode":"managed","type":"aws_ecs_cluster","name":"wp-ecs-cluster","provider_name":"registry.terraform.io/hashicorp/aws","change":{"actions":["create"],"before":null,"after":{"configuration":[],"name":"waypoint-server","region":"ca-central-1","service_connect_defaults":[],"tags":null},"after_unknown":{"arn":true,"configuration":[],"id":true,"service_connect_defaults":[],"setting":true,"tags_all":true},"before_sensitive":false,"after_sensitive":{"configuration":[],"service_connect_defaults":[],"setting":[],"tags_all":{}}}}],"prior_state":{"format_version":"1.0","terraform_version":"1.13.5","values":{"root_module":{"resources":[{"address":"data.aws_vpc.default","mode":"data","type":"aws_vpc","name":"default","provider_name":"registry.terraform.io/hashicorp/aws","schema_version":0,"values":{"arn":"arn:aws:ec2:ca-central-1:000000000000:vpc/vpc-ae102119635565da1","cidr_block":"172.31.0.0/16","cidr_block_associations":[{"association_id":"vpc-cidr-assoc-69944ad0e82df9a2e","cidr_block":"172.31.0.0/16","state":"associated"}],"default":true,"dhcp_options_id":"default","enable_dns_hostnames":true,"enable_dns_support":true,"enable_network_address_usage_metrics":false,"filter":null,"id":"vpc-ae102119635565da1","instance_tenancy":"default","ipv6_association_id":"","ipv6_cidr_block":"","main_route_table_id":"rtb-f6ef9d96247b72d93","owner_id":"000000000000","region":"ca-central-1","state":null,"tags":{},"timeouts":null},"sensitive_values":{"cidr_block_associations":[{}],"tags":{}}}]}}},"configuration":{"provider_config":{"archive":{"name":"archive","full_name":"registry.terraform.io/hashicorp/archive","version_constraint":"\u003e= 2.0.0"},"aws":{"name":"aws","full_name":"registry.terraform.io/hashicorp/aws","version_constraint":"~\u003e 6.27.0","expressions":{"region":{"references":["var.region"]}}}},"root_module":{"resources":[{"address":"aws_ecs_cluster.wp-ecs-cluster","mode":"managed","type":"aws_ecs_cluster","name":"wp-ecs-cluster","provider_config_key":"aws","expressions":{"name":{"constant_value":"waypoint-server"}},"schema_version":0},{"address":"data.aws_vpc.default","mode":"data","type":"aws_vpc","name":"default","provider_config_key":"aws","expressions":{"default":{"constant_value":true}},"schema_version":0}],"variables":{"region":{"default":"ca-central-1","description":"The AWS region to deploy to."}}}},"timestamp":"2026-01-22T20:00:41Z","applyable":true,"complete":true,"errored":false}
