{
  "version": 4,
  "terraform_version": "1.13.5",
  "serial": 16,
  "lineage": "d27c36a7-ea70-3137-ce1c-f59f5c7b9362",
  "outputs": {},
  "resources": [
    {
      "mode": "data",
      "type": "archive_file",
      "name": "lambda_dummy",
      "provider": "provider[\"registry.terraform.io/hashicorp/archive\"]",
      "instances": [
        {
          "schema_version": 0,
          "attributes": {
            "exclude_symlink_directories": null,
            "excludes": null,
            "id": "58e93fade67637870be5af38eff8d5aa66c7da49",
            "output_base64sha256": "wmbalFzzY/wG3ivChKElOZB3+B4gptmQyIat05p+fU4=",
            "output_base64sha512": "BQYAg1LwEY4tDmry1VoRx6StX0vjH+7LpfB5KAZLVvfJQjioPbBv1QxI6QF6P2U614fU3h9XKBCb9z5Y1ornqA==",
            "output_file_mode": null,
            "output_md5": "a0dbd832a6a977d6d5b28ea5c85e30fb",
            "output_path": "./.dummy/lambda.zip",
            "output_sha": "58e93fade67637870be5af38eff8d5aa66c7da49",
            "output_sha256": "c266da945cf363fc06de2bc284a125399077f81e20a6d990c886add39a7e7d4e",
            "output_sha512": "0506008352f0118e2d0e6af2d55a11c7a4ad5f4be31feecba5f07928064b56f7c94238a83db06fd50c48e9017a3f653ad787d4de1f5728109bf73e58d68ae7a8",
            "output_size": 246,
            "source": [
              {
                "content": "exports.handler = async (event) =\u003e {\n  console.log(\"Dummy lambda invoked\");\n  return { statusCode: 200, body: \"dummy\" };\n};\n",
                "filename": "index.js"
              }
            ],
            "source_content": null,
            "source_content_filename": null,
            "source_dir": null,
            "source_file": null,
            "type": "zip"
          },
          "sensitive_attributes": [],
          "identity_schema_version": 0
        }
      ]
    },
    {
      "mode": "data",
      "type": "archive_file",
      "name": "zipped_code",
      "provider": "provider[\"registry.terraform.io/hashicorp/archive\"]",
      "instances": [
        {
          "schema_version": 0,
          "attributes": {
            "exclude_symlink_directories": null,
            "excludes": null,
            "id": "c65d00c14c67da2f27d3e55c8f3850b877d20f12",
            "output_base64sha256": "DGQDmAQhPbzC6+aeIPBjXT+VSkyWHicrjmWl8dW4HAs=",
            "output_base64sha512": "Ie1ciJ451Qa6cHj7N74g+O5pChGJ7G46ZUg2C2sCA51bVi33OctdN9TKIqir3GDUvKfRkGB44HArZEBCNkuA2w==",
            "output_file_mode": null,
            "output_md5": "d54e8fff326af7bbbbaa94be68ffb8a2",
            "output_path": "./lambda_function.zip",
            "output_sha": "c65d00c14c67da2f27d3e55c8f3850b877d20f12",
            "output_sha256": "0c64039804213dbcc2ebe69e20f0635d3f954a4c961e272b8e65a5f1d5b81c0b",
            "output_sha512": "21ed5c889e39d506ba7078fb37be20f8ee690a1189ec6e3a6548360b6b02039d5b562df739cb5d37d4ca22a8abdc60d4bca7d1906078e0702b644042364b80db",
            "output_size": 683,
            "source": [],
            "source_content": null,
            "source_content_filename": null,
            "source_dir": null,
            "source_file": "./lambda_function.py",
            "type": "zip"
          },
          "sensitive_attributes": [],
          "identity_schema_version": 0
        }
      ]
    },
    {
      "mode": "data",
      "type": "aws_iam_policy",
      "name": "logging",
      "provider": "provider[\"registry.terraform.io/hashicorp/aws\"]",
      "instances": [
        {
          "schema_version": 0,
          "attributes": {
            "arn": "arn:aws:iam::aws:policy/service-role/AWSLambdaBasicExecutionRole",
            "attachment_count": 0,
            "description": "",
            "id": "arn:aws:iam::aws:policy/service-role/AWSLambdaBasicExecutionRole",
            "name": "AWSLambdaBasicExecutionRole",
            "path": "/service-role/",
            "path_prefix": null,
            "policy": "{\"Statement\": [{\"Action\": [\"logs:CreateLogGroup\", \"logs:CreateLogStream\", \"logs:PutLogEvents\"], \"Effect\": \"Allow\", \"Resource\": \"*\"}], \"Version\": \"2012-10-17\"}",
            "policy_id": "ASYP6VPZ0JYJX349HFK4B",
            "tags": {}
          },
          "sensitive_attributes": [],
          "identity_schema_version": 0
        }
      ]
    },
    {
      "mode": "managed",
      "type": "aws_api_gateway_deployment",
      "name": "deploy",
      "provider": "provider[\"registry.terraform.io/hashicorp/aws\"]",
      "instances": [
        {
          "schema_version": 0,
          "attributes": {
            "created_date": "2026-01-27T13:10:21Z",
            "description": "",
            "execution_arn": "arn:aws:execute-api:ap-south-1:000000000000:cddidjbra9/",
            "id": "ktqs1frn3x",
            "invoke_url": "https://cddidjbra9.execute-api.ap-south-1.amazonaws.com/",
            "rest_api_id": "cddidjbra9",
            "stage_description": null,
            "stage_name": null,
            "triggers": {
              "redeployment": "2be88ca4242c76e8253ac62474851065032d6833"
            },
            "variables": null
          },
          "sensitive_attributes": [],
          "identity_schema_version": 0,
          "private": "bnVsbA==",
          "dependencies": [
            "aws_api_gateway_integration.folder",
            "aws_api_gateway_method.folder",
            "aws_api_gateway_resource.folder",
            "aws_api_gateway_resource.toplevel",
            "aws_api_gateway_rest_api.gateway_to_lambda",
            "aws_iam_role.lambda_role",
            "aws_lambda_function.bucket_listing",
            "data.archive_file.zipped_code"
          ],
          "create_before_destroy": true
        }
      ]
    },
    {
      "mode": "managed",
      "type": "aws_api_gateway_integration",
      "name": "folder",
      "provider": "provider[\"registry.terraform.io/hashicorp/aws\"]",
      "instances": [
        {
          "schema_version": 0,
          "attributes": {
            "cache_key_parameters": null,
            "cache_namespace": "9xambv3zql",
            "connection_id": "",
            "connection_type": "INTERNET",
            "content_handling": "CONVERT_TO_TEXT",
            "credentials": "",
            "http_method": "GET",
            "id": "agi-cddidjbra9-9xambv3zql-GET",
            "integration_http_method": "POST",
            "passthrough_behavior": "WHEN_NO_MATCH",
            "request_parameters": {
              "integration.request.path.folder": "method.request.path.folder"
            },
            "request_templates": null,
            "resource_id": "9xambv3zql",
            "rest_api_id": "cddidjbra9",
            "timeout_milliseconds": 29000,
            "tls_config": [],
            "type": "AWS_PROXY",
            "uri": "arn:aws:apigateway:ap-south-1:lambda:path/2015-03-31/functions/arn:aws:lambda:ap-south-1:000000000000:function:s3-bucket-listing/invocations"
          },
          "sensitive_attributes": [],
          "identity_schema_version": 0,
          "private": "bnVsbA==",
          "dependencies": [
            "aws_api_gateway_resource.folder",
            "aws_api_gateway_resource.toplevel",
            "aws_api_gateway_rest_api.gateway_to_lambda",
            "aws_iam_role.lambda_role",
            "aws_lambda_function.bucket_listing",
            "data.archive_file.zipped_code"
          ],
          "create_before_destroy": true
        }
      ]
    },
    {
      "mode": "managed",
      "type": "aws_api_gateway_integration",
      "name": "toplevel",
      "provider": "provider[\"registry.terraform.io/hashicorp/aws\"]",
      "instances": [
        {
          "schema_version": 0,
          "attributes": {
            "cache_key_parameters": null,
            "cache_namespace": "tznvrklibr",
            "connection_id": "",
            "connection_type": "INTERNET",
            "content_handling": "CONVERT_TO_TEXT",
            "credentials": "",
            "http_method": "GET",
            "id": "agi-cddidjbra9-tznvrklibr-GET",
            "integration_http_method": "POST",
            "passthrough_behavior": "WHEN_NO_MATCH",
            "request_parameters": null,
            "request_templates": null,
            "resource_id": "tznvrklibr",
            "rest_api_id": "cddidjbra9",
            "timeout_milliseconds": 29000,
            "tls_config": [],
            "type": "AWS_PROXY",
            "uri": "arn:aws:apigateway:ap-south-1:lambda:path/2015-03-31/functions/arn:aws:lambda:ap-south-1:000000000000:function:s3-bucket-listing/invocations"
          },
          "sensitive_attributes": [],
          "identity_schema_version": 0,
          "private": "bnVsbA==",
          "dependencies": [
            "aws_api_gateway_resource.toplevel",
            "aws_api_gateway_rest_api.gateway_to_lambda",
            "aws_iam_role.lambda_role",
            "aws_lambda_function.bucket_listing",
            "data.archive_file.zipped_code"
          ]
        }
      ]
    },
    {
      "mode": "managed",
      "type": "aws_api_gateway_method",
      "name": "folder",
      "provider": "provider[\"registry.terraform.io/hashicorp/aws\"]",
      "instances": [
        {
          "schema_version": 0,
          "attributes": {
            "api_key_required": false,
            "authorization": "NONE",
            "authorization_scopes": null,
            "authorizer_id": null,
            "http_method": "GET",
            "id": "agm-cddidjbra9-9xambv3zql-GET",
            "operation_name": null,
            "request_models": null,
            "request_parameters": {
              "method.request.path.folder": true
            },
            "request_validator_id": null,
            "resource_id": "9xambv3zql",
            "rest_api_id": "cddidjbra9"
          },
          "sensitive_attributes": [],
          "identity_schema_version": 0,
          "private": "bnVsbA==",
          "dependencies": [
            "aws_api_gateway_resource.folder",
            "aws_api_gateway_resource.toplevel",
            "aws_api_gateway_rest_api.gateway_to_lambda"
          ],
          "create_before_destroy": true
        }
      ]
    },
    {
      "mode": "managed",
      "type": "aws_api_gateway_method",
      "name": "toplevel",
      "provider": "provider[\"registry.terraform.io/hashicorp/aws\"]",
      "instances": [
        {
          "schema_version": 0,
          "attributes": {
            "api_key_required": false,
            "authorization": "NONE",
            "authorization_scopes": null,
            "authorizer_id": null,
            "http_method": "GET",
            "id": "agm-cddidjbra9-tznvrklibr-GET",
            "operation_name": null,
            "request_models": null,
            "request_parameters": null,
            "request_validator_id": null,
            "resource_id": "tznvrklibr",
            "rest_api_id": "cddidjbra9"
          },
          "sensitive_attributes": [],
          "identity_schema_version": 0,
          "private": "bnVsbA==",
          "dependencies": [
            "aws_api_gateway_resource.toplevel",
            "aws_api_gateway_rest_api.gateway_to_lambda"
          ]
        }
      ]
    },
    {
      "mode": "managed",
      "type": "aws_api_gateway_resource",
      "name": "folder",
      "provider": "provider[\"registry.terraform.io/hashicorp/aws\"]",
      "instances": [
        {
          "schema_version": 0,
          "attributes": {
            "id": "9xambv3zql",
            "parent_id": "tznvrklibr",
            "path": "/list-bucket-content/{folder+}",
            "path_part": "{folder+}",
            "rest_api_id": "cddidjbra9"
          },
          "sensitive_attributes": [],
          "identity_schema_version": 0,
          "private": "bnVsbA==",
          "dependencies": [
            "aws_api_gateway_resource.toplevel",
            "aws_api_gateway_rest_api.gateway_to_lambda"
          ],
          "create_before_destroy": true
        }
      ]
    },
    {
      "mode": "managed",
      "type": "aws_api_gateway_resource",
      "name": "toplevel",
      "provider": "provider[\"registry.terraform.io/hashicorp/aws\"]",
      "instances": [
        {
          "schema_version": 0,
          "attributes": {
            "id": "tznvrklibr",
            "parent_id": "0ziewrnkef",
            "path": "/list-bucket-content",
            "path_part": "list-bucket-content",
            "rest_api_id": "cddidjbra9"
          },
          "sensitive_attributes": [],
          "identity_schema_version": 0,
          "private": "bnVsbA==",
          "dependencies": [
            "aws_api_gateway_rest_api.gateway_to_lambda"
          ],
          "create_before_destroy": true
        }
      ]
    },
    {
      "mode": "managed",
      "type": "aws_api_gateway_rest_api",
      "name": "gateway_to_lambda",
      "provider": "provider[\"registry.terraform.io/hashicorp/aws\"]",
      "instances": [
        {
          "schema_version": 0,
          "attributes": {
            "api_key_source": "HEADER",
            "arn": "arn:aws:apigateway:ap-south-1::/restapis/cddidjbra9",
            "binary_media_types": [],
            "body": null,
            "created_date": "2026-01-27T13:10:16Z",
            "description": "For AWS Lambda",
            "disable_execute_api_endpoint": false,
            "endpoint_configuration": [
              {
                "types": [
                  "REGIONAL"
                ],
                "vpc_endpoint_ids": []
              }
            ],
            "execution_arn": "arn:aws:execute-api:ap-south-1:000000000000:cddidjbra9",
            "fail_on_warnings": null,
            "id": "cddidjbra9",
            "minimum_compression_size": "",
            "name": "s3-bucket-listing",
            "parameters": null,
            "policy": "",
            "put_rest_api_mode": null,
            "root_resource_id": "0ziewrnkef",
            "tags": null,
            "tags_all": {}
          },
          "sensitive_attributes": [],
          "identity_schema_version": 0,
          "private": "bnVsbA==",
          "create_before_destroy": true
        }
      ]
    },
    {
      "mode": "managed",
      "type": "aws_api_gateway_stage",
      "name": "v1",
      "provider": "provider[\"registry.terraform.io/hashicorp/aws\"]",
      "instances": [
        {
          "schema_version": 0,
          "attributes": {
            "access_log_settings": [],
            "arn": "arn:aws:apigateway:ap-south-1::/restapis/cddidjbra9/stages/v1",
            "cache_cluster_enabled": false,
            "cache_cluster_size": "",
            "canary_settings": [],
            "client_certificate_id": "",
            "deployment_id": "ktqs1frn3x",
            "description": "v1 ; AWS Lambda",
            "documentation_version": "",
            "execution_arn": "arn:aws:execute-api:ap-south-1:000000000000:cddidjbra9/v1",
            "id": "ags-cddidjbra9-v1",
            "invoke_url": "https://cddidjbra9.execute-api.ap-south-1.amazonaws.com/v1",
            "rest_api_id": "cddidjbra9",
            "stage_name": "v1",
            "tags": null,
            "tags_all": {},
            "variables": null,
            "web_acl_arn": "",
            "xray_tracing_enabled": false
          },
          "sensitive_attributes": [],
          "identity_schema_version": 0,
          "private": "bnVsbA==",
          "dependencies": [
            "aws_api_gateway_deployment.deploy",
            "aws_api_gateway_integration.folder",
            "aws_api_gateway_method.folder",
            "aws_api_gateway_resource.folder",
            "aws_api_gateway_resource.toplevel",
            "aws_api_gateway_rest_api.gateway_to_lambda",
            "aws_iam_role.lambda_role",
            "aws_lambda_function.bucket_listing",
            "data.archive_file.zipped_code"
          ]
        }
      ]
    },
    {
      "mode": "managed",
      "type": "aws_iam_policy",
      "name": "s3read",
      "provider": "provider[\"registry.terraform.io/hashicorp/aws\"]",
      "instances": [
        {
          "schema_version": 0,
          "attributes": {
            "arn": "arn:aws:iam::000000000000:policy/service-role/S3ReadAccess",
            "attachment_count": 0,
            "description": "",
            "id": "arn:aws:iam::000000000000:policy/service-role/S3ReadAccess",
            "name": "S3ReadAccess",
            "name_prefix": "",
            "path": "/service-role/",
            "policy": "{\"Statement\":[{\"Action\":[\"s3:GetObject\",\"s3:ListBucket\"],\"Effect\":\"Allow\",\"Resource\":\"arn:aws:s3:::gunjantest\"}],\"Version\":\"2012-10-17\"}",
            "policy_id": "AZ1NJ6S0E9KFO5TK800Z6",
            "tags": null,
            "tags_all": {}
          },
          "sensitive_attributes": [],
          "identity_schema_version": 0,
          "private": "bnVsbA=="
        }
      ]
    },
    {
      "mode": "managed",
      "type": "aws_iam_role",
      "name": "lambda_role",
      "provider": "provider[\"registry.terraform.io/hashicorp/aws\"]",
      "instances": [
        {
          "schema_version": 0,
          "attributes": {
            "arn": "arn:aws:iam::000000000000:role/service-role/ro-s3",
            "assume_role_policy": "{\"Statement\":[{\"Action\":\"sts:AssumeRole\",\"Effect\":\"Allow\",\"Principal\":{\"Service\":\"lambda.amazonaws.com\"}}],\"Version\":\"2012-10-17\"}",
            "create_date": "2026-01-27T13:10:14Z",
            "description": "",
            "force_detach_policies": false,
            "id": "ro-s3",
            "inline_policy": [],
            "managed_policy_arns": [],
            "max_session_duration": 3600,
            "name": "ro-s3",
            "name_prefix": "",
            "path": "/service-role/",
            "permissions_boundary": "",
            "tags": null,
            "tags_all": {},
            "unique_id": "AROAQAAAAAAAB3NTMXA67"
          },
          "sensitive_attributes": [],
          "identity_schema_version": 0,
          "private": "bnVsbA==",
          "create_before_destroy": true
        }
      ]
    },
    {
      "mode": "managed",
      "type": "aws_iam_role_policy_attachment",
      "name": "lambda_to_log",
      "provider": "provider[\"registry.terraform.io/hashicorp/aws\"]",
      "instances": [
        {
          "schema_version": 0,
          "attributes": {
            "id": "ro-s3-20260127131014388100000002",
            "policy_arn": "arn:aws:iam::aws:policy/service-role/AWSLambdaBasicExecutionRole",
            "role": "ro-s3"
          },
          "sensitive_attributes": [],
          "identity_schema_version": 0,
          "private": "bnVsbA==",
          "dependencies": [
            "aws_iam_role.lambda_role",
            "data.aws_iam_policy.logging"
          ]
        }
      ]
    },
    {
      "mode": "managed",
      "type": "aws_iam_role_policy_attachment",
      "name": "lambda_to_s3",
      "provider": "provider[\"registry.terraform.io/hashicorp/aws\"]",
      "instances": [
        {
          "schema_version": 0,
          "attributes": {
            "id": "ro-s3-20260127131014369400000001",
            "policy_arn": "arn:aws:iam::000000000000:policy/service-role/S3ReadAccess",
            "role": "ro-s3"
          },
          "sensitive_attributes": [],
          "identity_schema_version": 0,
          "private": "bnVsbA==",
          "dependencies": [
            "aws_iam_policy.s3read",
            "aws_iam_role.lambda_role"
          ]
        }
      ]
    },
    {
      "mode": "managed",
      "type": "aws_lambda_function",
      "name": "bucket_listing",
      "provider": "provider[\"registry.terraform.io/hashicorp/aws\"]",
      "instances": [
        {
          "schema_version": 0,
          "attributes": {
            "architectures": [
              "x86_64"
            ],
            "arn": "arn:aws:lambda:ap-south-1:000000000000:function:s3-bucket-listing",
            "code_signing_config_arn": "",
            "dead_letter_config": [],
            "description": "to list contents of S3 bucket like filesystem ls",
            "environment": [
              {
                "variables": {
                  "BUCKET_NAME": "gunjantest"
                }
              }
            ],
            "ephemeral_storage": [
              {
                "size": 512
              }
            ],
            "file_system_config": [],
            "filename": "./lambda_function.zip",
            "function_name": "s3-bucket-listing",
            "handler": "lambda_function.lambda_handler",
            "id": "s3-bucket-listing",
            "image_config": [],
            "image_uri": "",
            "invoke_arn": "arn:aws:apigateway:ap-south-1:lambda:path/2015-03-31/functions/arn:aws:lambda:ap-south-1:000000000000:function:s3-bucket-listing/invocations",
            "kms_key_arn": "",
            "last_modified": "2026-01-27T13:10:15.571821+0000",
            "layers": null,
            "logging_config": [
              {
                "application_log_level": "",
                "log_format": "Text",
                "log_group": "/aws/lambda/s3-bucket-listing",
                "system_log_level": ""
              }
            ],
            "memory_size": 128,
            "package_type": "Zip",
            "publish": false,
            "qualified_arn": "arn:aws:lambda:ap-south-1:000000000000:function:s3-bucket-listing:$LATEST",
            "qualified_invoke_arn": "arn:aws:apigateway:ap-south-1:lambda:path/2015-03-31/functions/arn:aws:lambda:ap-south-1:000000000000:function:s3-bucket-listing:$LATEST/invocations",
            "replace_security_groups_on_destroy": null,
            "replacement_security_group_ids": null,
            "reserved_concurrent_executions": -1,
            "role": "arn:aws:iam::000000000000:role/service-role/ro-s3",
            "runtime": "python3.10",
            "s3_bucket": null,
            "s3_key": null,
            "s3_object_version": null,
            "signing_job_arn": "",
            "signing_profile_version_arn": "",
            "skip_destroy": false,
            "snap_start": [],
            "source_code_hash": "DGQDmAQhPbzC6+aeIPBjXT+VSkyWHicrjmWl8dW4HAs=",
            "source_code_size": 683,
            "tags": null,
            "tags_all": {},
            "timeout": 3,
            "timeouts": null,
            "tracing_config": [
              {
                "mode": "PassThrough"
              }
            ],
            "version": "$LATEST",
            "vpc_config": []
          },
          "sensitive_attributes": [],
          "identity_schema_version": 0,
          "private": "eyJlMmJmYjczMC1lY2FhLTExZTYtOGY4OC0zNDM2M2JjN2M0YzAiOnsiY3JlYXRlIjo2MDAwMDAwMDAwMDAsImRlbGV0ZSI6NjAwMDAwMDAwMDAwLCJ1cGRhdGUiOjYwMDAwMDAwMDAwMH19",
          "dependencies": [
            "aws_iam_role.lambda_role",
            "data.archive_file.zipped_code"
          ],
          "create_before_destroy": true
        }
      ]
    },
    {
      "mode": "managed",
      "type": "aws_lambda_permission",
      "name": "folder",
      "provider": "provider[\"registry.terraform.io/hashicorp/aws\"]",
      "instances": [
        {
          "schema_version": 0,
          "attributes": {
            "action": "lambda:InvokeFunction",
            "event_source_token": null,
            "function_name": "s3-bucket-listing",
            "function_url_auth_type": null,
            "id": "terraform-20260127131020947900000003",
            "principal": "apigateway.amazonaws.com",
            "principal_org_id": null,
            "qualifier": "",
            "source_account": null,
            "source_arn": "arn:aws:execute-api:ap-south-1:000000000000:cddidjbra9/*/GET/list-bucket-content/{folder+}",
            "statement_id": "terraform-20260127131020947900000003",
            "statement_id_prefix": "terraform-"
          },
          "sensitive_attributes": [],
          "identity_schema_version": 0,
          "private": "bnVsbA==",
          "dependencies": [
            "aws_api_gateway_method.folder",
            "aws_api_gateway_resource.folder",
            "aws_api_gateway_resource.toplevel",
            "aws_api_gateway_rest_api.gateway_to_lambda",
            "aws_iam_role.lambda_role",
            "aws_lambda_function.bucket_listing",
            "data.archive_file.zipped_code"
          ]
        }
      ]
    },
    {
      "mode": "managed",
      "type": "aws_lambda_permission",
      "name": "toplevel",
      "provider": "provider[\"registry.terraform.io/hashicorp/aws\"]",
      "instances": [
        {
          "schema_version": 0,
          "attributes": {
            "action": "lambda:InvokeFunction",
            "event_source_token": null,
            "function_name": "s3-bucket-listing",
            "function_url_auth_type": null,
            "id": "terraform-20260127131020947900000004",
            "principal": "apigateway.amazonaws.com",
            "principal_org_id": null,
            "qualifier": "",
            "source_account": null,
            "source_arn": "arn:aws:execute-api:ap-south-1:000000000000:cddidjbra9/*/GET/list-bucket-content",
            "statement_id": "terraform-20260127131020947900000004",
            "statement_id_prefix": "terraform-"
          },
          "sensitive_attributes": [],
          "identity_schema_version": 0,
          "private": "bnVsbA==",
          "dependencies": [
            "aws_api_gateway_method.toplevel",
            "aws_api_gateway_resource.toplevel",
            "aws_api_gateway_rest_api.gateway_to_lambda",
            "aws_iam_role.lambda_role",
            "aws_lambda_function.bucket_listing",
            "data.archive_file.zipped_code"
          ]
        }
      ]
    },
    {
      "mode": "managed",
      "type": "aws_s3_bucket",
      "name": "gunjantest",
      "provider": "provider[\"registry.terraform.io/hashicorp/aws\"]",
      "instances": []
    }
  ],
  "check_results": null
}
