
Terraform used the selected providers to generate the following execution
plan. Resource actions are indicated with the following symbols:
  + create

Terraform will perform the following actions:

  # digitalocean_droplet.proxy[0] will be created
  + resource "digitalocean_droplet" "proxy" {
      + backups              = false
      + created_at           = (known after apply)
      + disk                 = (known after apply)
      + graceful_shutdown    = false
      + id                   = (known after apply)
      + image                = "ubuntu-20-04-x64"
      + ipv4_address         = (known after apply)
      + ipv4_address_private = (known after apply)
      + ipv6                 = false
      + ipv6_address         = (known after apply)
      + locked               = (known after apply)
      + memory               = (known after apply)
      + monitoring           = false
      + name                 = "proxy-0"
      + price_hourly         = (known after apply)
      + price_monthly        = (known after apply)
      + private_networking   = (known after apply)
      + region               = "ams3"
      + resize_disk          = true
      + size                 = "s-1vcpu-1gb"
      + status               = (known after apply)
      + urn                  = (known after apply)
      + user_data            = "288eb6aa5738c015d6d10e54ef1f32405b6d345c"
      + vcpus                = (known after apply)
      + volume_ids           = (known after apply)
      + vpc_uuid             = (known after apply)
    }

  # digitalocean_droplet.proxy[1] will be created
  + resource "digitalocean_droplet" "proxy" {
      + backups              = false
      + created_at           = (known after apply)
      + disk                 = (known after apply)
      + graceful_shutdown    = false
      + id                   = (known after apply)
      + image                = "ubuntu-20-04-x64"
      + ipv4_address         = (known after apply)
      + ipv4_address_private = (known after apply)
      + ipv6                 = false
      + ipv6_address         = (known after apply)
      + locked               = (known after apply)
      + memory               = (known after apply)
      + monitoring           = false
      + name                 = "proxy-1"
      + price_hourly         = (known after apply)
      + price_monthly        = (known after apply)
      + private_networking   = (known after apply)
      + region               = "ams3"
      + resize_disk          = true
      + size                 = "s-1vcpu-1gb"
      + status               = (known after apply)
      + urn                  = (known after apply)
      + user_data            = "288eb6aa5738c015d6d10e54ef1f32405b6d345c"
      + vcpus                = (known after apply)
      + volume_ids           = (known after apply)
      + vpc_uuid             = (known after apply)
    }

  # null_resource.output_ips_to_file will be created
  + resource "null_resource" "output_ips_to_file" {
      + id = (known after apply)
    }

Plan: 3 to add, 0 to change, 0 to destroy.
