{"format_version":"1.2","terraform_version":"1.13.5","variables":{"artifact_bucket_name":{"value":"factually-settled-boxer-artifacts"},"dev_site_bucket_name":{"value":"factually-settled-boxer-development"},"enable_pr_buckets":{"value":false},"github_oidc_provider_url":{"value":"https://token.actions.githubusercontent.com"},"github_oidc_thumbprints":{"value":["6938fd4d98bab03faadb97b34396831e3780aea1"]},"github_org":{"value":"ntno"},"github_repo":{"value":"mkdocs-demo"},"pr_bucket_count":{"value":0},"pr_prefix":{"value":"ntno-mkdocs-demo-ci-pr-"},"prod_site_bucket_name":{"value":"factually-settled-boxer"},"project_name":{"value":"mkdocs-demo"},"region":{"value":"us-east-1"},"tags":{"value":{"ManagedBy":"Terraform","Project":"mkdocs-demo"}}},"planned_values":{"outputs":{"artifact_bucket_name":{"sensitive":false,"type":"string","value":"factually-settled-boxer-artifacts"},"dev_site_bucket_name":{"sensitive":false,"type":"string","value":"factually-settled-boxer-development"},"dev_website_endpoint":{"sensitive":false},"development_iam_role_arn":{"sensitive":false},"integration_iam_role_arn":{"sensitive":false},"prod_site_bucket_name":{"sensitive":false,"type":"string","value":"factually-settled-boxer"},"prod_website_endpoint":{"sensitive":false},"production_iam_role_arn":{"sensitive":false}},"root_module":{"resources":[{"address":"aws_iam_openid_connect_provider.github","mode":"managed","type":"aws_iam_openid_connect_provider","name":"github","provider_name":"registry.terraform.io/hashicorp/aws","schema_version":0,"values":{"client_id_list":["sts.amazonaws.com"],"tags":null,"tags_all":{"ManagedBy":"Terraform","Project":"mkdocs-demo"},"thumbprint_list":["6938fd4d98bab03faadb97b34396831e3780aea1"],"url":"https://token.actions.githubusercontent.com"},"sensitive_values":{"client_id_list":[false],"tags_all":{},"thumbprint_list":[false]}},{"address":"aws_iam_policy.gha_deploy_dev","mode":"managed","type":"aws_iam_policy","name":"gha_deploy_dev","provider_name":"registry.terraform.io/hashicorp/aws","schema_version":0,"values":{"description":null,"name":"mkdocs-demo-gha-deploy-dev","path":"/","tags":null,"tags_all":{"ManagedBy":"Terraform","Project":"mkdocs-demo"}},"sensitive_values":{"tags_all":{}}},{"address":"aws_iam_policy.gha_deploy_integration","mode":"managed","type":"aws_iam_policy","name":"gha_deploy_integration","provider_name":"registry.terraform.io/hashicorp/aws","schema_version":0,"values":{"description":null,"name":"mkdocs-demo-gha-deploy-integration","path":"/","tags":null,"tags_all":{"ManagedBy":"Terraform","Project":"mkdocs-demo"}},"sensitive_values":{"tags_all":{}}},{"address":"aws_iam_policy.gha_deploy_prod","mode":"managed","type":"aws_iam_policy","name":"gha_deploy_prod","provider_name":"registry.terraform.io/hashicorp/aws","schema_version":0,"values":{"description":null,"name":"mkdocs-demo-gha-deploy-prod","path":"/","tags":null,"tags_all":{"ManagedBy":"Terraform","Project":"mkdocs-demo"}},"sensitive_values":{"tags_all":{}}},{"address":"aws_iam_role.gha_deploy_dev","mode":"managed","type":"aws_iam_role","name":"gha_deploy_dev","provider_name":"registry.terraform.io/hashicorp/aws","schema_version":0,"values":{"description":null,"force_detach_policies":false,"max_session_duration":3600,"name":"mkdocs-demo-gha-deploy-dev","path":"/","permissions_boundary":null,"tags":null,"tags_all":{"ManagedBy":"Terraform","Project":"mkdocs-demo"}},"sensitive_values":{"inline_policy":[],"managed_policy_arns":[],"tags_all":{}}},{"address":"aws_iam_role.gha_deploy_integration","mode":"managed","type":"aws_iam_role","name":"gha_deploy_integration","provider_name":"registry.terraform.io/hashicorp/aws","schema_version":0,"values":{"description":null,"force_detach_policies":false,"max_session_duration":3600,"name":"mkdocs-demo-gha-deploy-integration","path":"/","permissions_boundary":null,"tags":null,"tags_all":{"ManagedBy":"Terraform","Project":"mkdocs-demo"}},"sensitive_values":{"inline_policy":[],"managed_policy_arns":[],"tags_all":{}}},{"address":"aws_iam_role.gha_deploy_prod","mode":"managed","type":"aws_iam_role","name":"gha_deploy_prod","provider_name":"registry.terraform.io/hashicorp/aws","schema_version":0,"values":{"description":null,"force_detach_policies":false,"max_session_duration":3600,"name":"mkdocs-demo-gha-deploy-prod","path":"/","permissions_boundary":null,"tags":null,"tags_all":{"ManagedBy":"Terraform","Project":"mkdocs-demo"}},"sensitive_values":{"inline_policy":[],"managed_policy_arns":[],"tags_all":{}}},{"address":"aws_iam_role_policy_attachment.dev","mode":"managed","type":"aws_iam_role_policy_attachment","name":"dev","provider_name":"registry.terraform.io/hashicorp/aws","schema_version":0,"values":{"role":"mkdocs-demo-gha-deploy-dev"},"sensitive_values":{}},{"address":"aws_iam_role_policy_attachment.integration","mode":"managed","type":"aws_iam_role_policy_attachment","name":"integration","provider_name":"registry.terraform.io/hashicorp/aws","schema_version":0,"values":{"role":"mkdocs-demo-gha-deploy-integration"},"sensitive_values":{}},{"address":"aws_iam_role_policy_attachment.prod","mode":"managed","type":"aws_iam_role_policy_attachment","name":"prod","provider_name":"registry.terraform.io/hashicorp/aws","schema_version":0,"values":{"role":"mkdocs-demo-gha-deploy-prod"},"sensitive_values":{}},{"address":"aws_s3_bucket.artifacts","mode":"managed","type":"aws_s3_bucket","name":"artifacts","provider_name":"registry.terraform.io/hashicorp/aws","schema_version":0,"values":{"bucket":"factually-settled-boxer-artifacts","force_destroy":false,"tags":null,"tags_all":{"ManagedBy":"Terraform","Project":"mkdocs-demo"},"timeouts":null},"sensitive_values":{"cors_rule":[],"grant":[],"lifecycle_rule":[],"logging":[],"object_lock_configuration":[],"replication_configuration":[],"server_side_encryption_configuration":[],"tags_all":{},"versioning":[],"website":[]}},{"address":"aws_s3_bucket.site[\"factually-settled-boxer\"]","mode":"managed","type":"aws_s3_bucket","name":"site","index":"factually-settled-boxer","provider_name":"registry.terraform.io/hashicorp/aws","schema_version":0,"values":{"bucket":"factually-settled-boxer","force_destroy":false,"tags":null,"tags_all":{"ManagedBy":"Terraform","Project":"mkdocs-demo"},"timeouts":null},"sensitive_values":{"cors_rule":[],"grant":[],"lifecycle_rule":[],"logging":[],"object_lock_configuration":[],"replication_configuration":[],"server_side_encryption_configuration":[],"tags_all":{},"versioning":[],"website":[]}},{"address":"aws_s3_bucket.site[\"factually-settled-boxer-development\"]","mode":"managed","type":"aws_s3_bucket","name":"site","index":"factually-settled-boxer-development","provider_name":"registry.terraform.io/hashicorp/aws","schema_version":0,"values":{"bucket":"factually-settled-boxer-development","force_destroy":false,"tags":null,"tags_all":{"ManagedBy":"Terraform","Project":"mkdocs-demo"},"timeouts":null},"sensitive_values":{"cors_rule":[],"grant":[],"lifecycle_rule":[],"logging":[],"object_lock_configuration":[],"replication_configuration":[],"server_side_encryption_configuration":[],"tags_all":{},"versioning":[],"website":[]}},{"address":"aws_s3_bucket_lifecycle_configuration.artifacts","mode":"managed","type":"aws_s3_bucket_lifecycle_configuration","name":"artifacts","provider_name":"registry.terraform.io/hashicorp/aws","schema_version":1,"values":{"rule":[{"abort_incomplete_multipart_upload":[],"expiration":[{"date":null,"days":30,"expired_object_delete_marker":false}],"filter":[{"and":[],"object_size_greater_than":null,"object_size_less_than":null,"prefix":"","tag":[]}],"id":"expire-old-artifacts","noncurrent_version_expiration":[{"newer_noncurrent_versions":null,"noncurrent_days":30}],"noncurrent_version_transition":[],"prefix":"","status":"Enabled","transition":[]}],"timeouts":null,"transition_default_minimum_object_size":"all_storage_classes_128K"},"sensitive_values":{"rule":[{"abort_incomplete_multipart_upload":[],"expiration":[{}],"filter":[{"and":[],"tag":[]}],"noncurrent_version_expiration":[{}],"noncurrent_version_transition":[],"transition":[]}]}},{"address":"aws_s3_bucket_ownership_controls.artifacts","mode":"managed","type":"aws_s3_bucket_ownership_controls","name":"artifacts","provider_name":"registry.terraform.io/hashicorp/aws","schema_version":0,"values":{"rule":[{"object_ownership":"BucketOwnerEnforced"}]},"sensitive_values":{"rule":[{}]}},{"address":"aws_s3_bucket_ownership_controls.site[\"factually-settled-boxer\"]","mode":"managed","type":"aws_s3_bucket_ownership_controls","name":"site","index":"factually-settled-boxer","provider_name":"registry.terraform.io/hashicorp/aws","schema_version":0,"values":{"rule":[{"object_ownership":"BucketOwnerEnforced"}]},"sensitive_values":{"rule":[{}]}},{"address":"aws_s3_bucket_ownership_controls.site[\"factually-settled-boxer-development\"]","mode":"managed","type":"aws_s3_bucket_ownership_controls","name":"site","index":"factually-settled-boxer-development","provider_name":"registry.terraform.io/hashicorp/aws","schema_version":0,"values":{"rule":[{"object_ownership":"BucketOwnerEnforced"}]},"sensitive_values":{"rule":[{}]}},{"address":"aws_s3_bucket_policy.site[\"factually-settled-boxer\"]","mode":"managed","type":"aws_s3_bucket_policy","name":"site","index":"factually-settled-boxer","provider_name":"registry.terraform.io/hashicorp/aws","schema_version":0,"sensitive_values":{}},{"address":"aws_s3_bucket_policy.site[\"factually-settled-boxer-development\"]","mode":"managed","type":"aws_s3_bucket_policy","name":"site","index":"factually-settled-boxer-development","provider_name":"registry.terraform.io/hashicorp/aws","schema_version":0,"sensitive_values":{}},{"address":"aws_s3_bucket_public_access_block.artifacts","mode":"managed","type":"aws_s3_bucket_public_access_block","name":"artifacts","provider_name":"registry.terraform.io/hashicorp/aws","schema_version":0,"values":{"block_public_acls":true,"block_public_policy":true,"ignore_public_acls":true,"restrict_public_buckets":true},"sensitive_values":{}},{"address":"aws_s3_bucket_public_access_block.site[\"factually-settled-boxer\"]","mode":"managed","type":"aws_s3_bucket_public_access_block","name":"site","index":"factually-settled-boxer","provider_name":"registry.terraform.io/hashicorp/aws","schema_version":0,"values":{"block_public_acls":false,"block_public_policy":false,"ignore_public_acls":false,"restrict_public_buckets":false},"sensitive_values":{}},{"address":"aws_s3_bucket_public_access_block.site[\"factually-settled-boxer-development\"]","mode":"managed","type":"aws_s3_bucket_public_access_block","name":"site","index":"factually-settled-boxer-development","provider_name":"registry.terraform.io/hashicorp/aws","schema_version":0,"values":{"block_public_acls":false,"block_public_policy":false,"ignore_public_acls":false,"restrict_public_buckets":false},"sensitive_values":{}},{"address":"aws_s3_bucket_server_side_encryption_configuration.artifacts","mode":"managed","type":"aws_s3_bucket_server_side_encryption_configuration","name":"artifacts","provider_name":"registry.terraform.io/hashicorp/aws","schema_version":0,"values":{"expected_bucket_owner":null,"rule":[{"apply_server_side_encryption_by_default":[{"kms_master_key_id":"","sse_algorithm":"AES256"}],"bucket_key_enabled":null}]},"sensitive_values":{"rule":[{"apply_server_side_encryption_by_default":[{}]}]}},{"address":"aws_s3_bucket_server_side_encryption_configuration.site[\"factually-settled-boxer\"]","mode":"managed","type":"aws_s3_bucket_server_side_encryption_configuration","name":"site","index":"factually-settled-boxer","provider_name":"registry.terraform.io/hashicorp/aws","schema_version":0,"values":{"expected_bucket_owner":null,"rule":[{"apply_server_side_encryption_by_default":[{"kms_master_key_id":"","sse_algorithm":"AES256"}],"bucket_key_enabled":null}]},"sensitive_values":{"rule":[{"apply_server_side_encryption_by_default":[{}]}]}},{"address":"aws_s3_bucket_server_side_encryption_configuration.site[\"factually-settled-boxer-development\"]","mode":"managed","type":"aws_s3_bucket_server_side_encryption_configuration","name":"site","index":"factually-settled-boxer-development","provider_name":"registry.terraform.io/hashicorp/aws","schema_version":0,"values":{"expected_bucket_owner":null,"rule":[{"apply_server_side_encryption_by_default":[{"kms_master_key_id":"","sse_algorithm":"AES256"}],"bucket_key_enabled":null}]},"sensitive_values":{"rule":[{"apply_server_side_encryption_by_default":[{}]}]}},{"address":"aws_s3_bucket_versioning.artifacts","mode":"managed","type":"aws_s3_bucket_versioning","name":"artifacts","provider_name":"registry.terraform.io/hashicorp/aws","schema_version":0,"values":{"expected_bucket_owner":null,"mfa":null,"versioning_configuration":[{"status":"Enabled"}]},"sensitive_values":{"versioning_configuration":[{}]}},{"address":"aws_s3_bucket_versioning.site[\"factually-settled-boxer\"]","mode":"managed","type":"aws_s3_bucket_versioning","name":"site","index":"factually-settled-boxer","provider_name":"registry.terraform.io/hashicorp/aws","schema_version":0,"values":{"expected_bucket_owner":null,"mfa":null,"versioning_configuration":[{"status":"Enabled"}]},"sensitive_values":{"versioning_configuration":[{}]}},{"address":"aws_s3_bucket_versioning.site[\"factually-settled-boxer-development\"]","mode":"managed","type":"aws_s3_bucket_versioning","name":"site","index":"factually-settled-boxer-development","provider_name":"registry.terraform.io/hashicorp/aws","schema_version":0,"values":{"expected_bucket_owner":null,"mfa":null,"versioning_configuration":[{"status":"Enabled"}]},"sensitive_values":{"versioning_configuration":[{}]}},{"address":"aws_s3_bucket_website_configuration.site[\"factually-settled-boxer\"]","mode":"managed","type":"aws_s3_bucket_website_configuration","name":"site","index":"factually-settled-boxer","provider_name":"registry.terraform.io/hashicorp/aws","schema_version":0,"values":{"error_document":[{"key":"404.html"}],"expected_bucket_owner":null,"index_document":[{"suffix":"index.html"}],"redirect_all_requests_to":[]},"sensitive_values":{"error_document":[{}],"index_document":[{}],"redirect_all_requests_to":[],"routing_rule":[]}},{"address":"aws_s3_bucket_website_configuration.site[\"factually-settled-boxer-development\"]","mode":"managed","type":"aws_s3_bucket_website_configuration","name":"site","index":"factually-settled-boxer-development","provider_name":"registry.terraform.io/hashicorp/aws","schema_version":0,"values":{"error_document":[{"key":"404.html"}],"expected_bucket_owner":null,"index_document":[{"suffix":"index.html"}],"redirect_all_requests_to":[]},"sensitive_values":{"error_document":[{}],"index_document":[{}],"redirect_all_requests_to":[],"routing_rule":[]}},{"address":"data.aws_iam_policy_document.gha_assume_role","mode":"data","type":"aws_iam_policy_document","name":"gha_assume_role","provider_name":"registry.terraform.io/hashicorp/aws","schema_version":0,"values":{"override_json":null,"override_policy_documents":null,"policy_id":null,"source_json":null,"source_policy_documents":null,"statement":[{"actions":["sts:AssumeRoleWithWebIdentity"],"condition":[{"test":"StringEquals","values":["sts.amazonaws.com"],"variable":"token.actions.githubusercontent.com:aud"},{"test":"StringLike","values":["repo:ntno/mkdocs-demo:*"],"variable":"token.actions.githubusercontent.com:sub"}],"effect":"Allow","not_actions":null,"not_principals":[],"not_resources":null,"principals":[{"identifiers":[null],"type":"Federated"}],"resources":null,"sid":null}],"version":null},"sensitive_values":{"statement":[{"actions":[false],"condition":[{"values":[false]},{"values":[false]}],"not_principals":[],"principals":[{"identifiers":[false]}]}]}},{"address":"data.aws_iam_policy_document.gha_s3_deploy_dev","mode":"data","type":"aws_iam_policy_document","name":"gha_s3_deploy_dev","provider_name":"registry.terraform.io/hashicorp/aws","schema_version":0,"values":{"override_json":null,"override_policy_documents":null,"policy_id":null,"source_json":null,"source_policy_documents":null,"statement":[{"actions":["s3:GetBucketLocation","s3:ListBucket"],"condition":[],"effect":"Allow","not_actions":null,"not_principals":[],"not_resources":null,"principals":[],"resources":[null],"sid":"ListBucket"},{"actions":["s3:DeleteObject","s3:GetObject","s3:PutObject","s3:PutObjectAcl"],"condition":[],"effect":"Allow","not_actions":null,"not_principals":[],"not_resources":null,"principals":[],"resources":[null],"sid":"ObjectRW"},{"actions":["s3:GetBucketLocation","s3:ListBucket"],"condition":[],"effect":"Allow","not_actions":null,"not_principals":[],"not_resources":null,"principals":[],"resources":[null],"sid":"ArtifactsRW"},{"actions":["s3:DeleteObject","s3:GetObject","s3:PutObject"],"condition":[],"effect":"Allow","not_actions":null,"not_principals":[],"not_resources":null,"principals":[],"resources":[null],"sid":"ArtifactsObjectRW"}],"version":null},"sensitive_values":{"statement":[{"actions":[false,false],"condition":[],"not_principals":[],"principals":[],"resources":[false]},{"actions":[false,false,false,false],"condition":[],"not_principals":[],"principals":[],"resources":[false]},{"actions":[false,false],"condition":[],"not_principals":[],"principals":[],"resources":[false]},{"actions":[false,false,false],"condition":[],"not_principals":[],"principals":[],"resources":[false]}]}},{"address":"data.aws_iam_policy_document.gha_s3_deploy_integration","mode":"data","type":"aws_iam_policy_document","name":"gha_s3_deploy_integration","provider_name":"registry.terraform.io/hashicorp/aws","schema_version":0,"values":{"override_json":null,"override_policy_documents":null,"policy_id":null,"source_json":null,"source_policy_documents":null,"statement":[{"actions":["s3:ListAllMyBuckets"],"condition":[],"effect":"Allow","not_actions":null,"not_principals":[],"not_resources":null,"principals":[],"resources":["*"],"sid":"ListBuckets"},{"actions":["s3:CreateBucket","s3:DeleteBucket","s3:DeleteBucketPolicy","s3:DeleteBucketWebsite","s3:GetBucketLocation","s3:ListBucket","s3:PutBucketOwnershipControls","s3:PutBucketPolicy","s3:PutBucketPublicAccessBlock","s3:PutBucketVersioning","s3:PutBucketWebsite","s3:PutEncryptionConfiguration"],"condition":[],"effect":"Allow","not_actions":null,"not_principals":[],"not_resources":null,"principals":[],"resources":["arn:aws:s3:::ntno-mkdocs-demo-ci-pr-*"],"sid":"ManagePrBuckets"},{"actions":["s3:DeleteObject","s3:GetObject","s3:PutObject","s3:PutObjectAcl"],"condition":[],"effect":"Allow","not_actions":null,"not_principals":[],"not_resources":null,"principals":[],"resources":["arn:aws:s3:::ntno-mkdocs-demo-ci-pr-*/*"],"sid":"PrBucketObjects"},{"actions":["s3:GetBucketLocation","s3:ListBucket"],"condition":[],"effect":"Allow","not_actions":null,"not_principals":[],"not_resources":null,"principals":[],"resources":[null],"sid":"ArtifactsRW"},{"actions":["s3:DeleteObject","s3:GetObject","s3:PutObject"],"condition":[],"effect":"Allow","not_actions":null,"not_principals":[],"not_resources":null,"principals":[],"resources":[null],"sid":"ArtifactsObjectRW"}],"version":null},"sensitive_values":{"statement":[{"actions":[false],"condition":[],"not_principals":[],"principals":[],"resources":[false]},{"actions":[false,false,false,false,false,false,false,false,false,false,false,false],"condition":[],"not_principals":[],"principals":[],"resources":[false]},{"actions":[false,false,false,false],"condition":[],"not_principals":[],"principals":[],"resources":[false]},{"actions":[false,false],"condition":[],"not_principals":[],"principals":[],"resources":[false]},{"actions":[false,false,false],"condition":[],"not_principals":[],"principals":[],"resources":[false]}]}},{"address":"data.aws_iam_policy_document.gha_s3_deploy_prod","mode":"data","type":"aws_iam_policy_document","name":"gha_s3_deploy_prod","provider_name":"registry.terraform.io/hashicorp/aws","schema_version":0,"values":{"override_json":null,"override_policy_documents":null,"policy_id":null,"source_json":null,"source_policy_documents":null,"statement":[{"actions":["s3:GetBucketLocation","s3:ListBucket"],"condition":[],"effect":"Allow","not_actions":null,"not_principals":[],"not_resources":null,"principals":[],"resources":[null],"sid":"ListBucket"},{"actions":["s3:DeleteObject","s3:GetObject","s3:PutObject","s3:PutObjectAcl"],"condition":[],"effect":"Allow","not_actions":null,"not_principals":[],"not_resources":null,"principals":[],"resources":[null],"sid":"ObjectRW"},{"actions":["s3:GetBucketLocation","s3:ListBucket"],"condition":[],"effect":"Allow","not_actions":null,"not_principals":[],"not_resources":null,"principals":[],"resources":[null],"sid":"ArtifactsRW"},{"actions":["s3:DeleteObject","s3:GetObject","s3:PutObject"],"condition":[],"effect":"Allow","not_actions":null,"not_principals":[],"not_resources":null,"principals":[],"resources":[null],"sid":"ArtifactsObjectRW"}],"version":null},"sensitive_values":{"statement":[{"actions":[false,false],"condition":[],"not_principals":[],"principals":[],"resources":[false]},{"actions":[false,false,false,false],"condition":[],"not_principals":[],"principals":[],"resources":[false]},{"actions":[false,false],"condition":[],"not_principals":[],"principals":[],"resources":[false]},{"actions":[false,false,false],"condition":[],"not_principals":[],"principals":[],"resources":[false]}]}},{"address":"data.aws_iam_policy_document.site_bucket_policy[\"factually-settled-boxer\"]","mode":"data","type":"aws_iam_policy_document","name":"site_bucket_policy","index":"factually-settled-boxer","provider_name":"registry.terraform.io/hashicorp/aws","schema_version":0,"values":{"override_json":null,"override_policy_documents":null,"policy_id":null,"source_json":null,"source_policy_documents":null,"statement":[{"actions":["s3:GetObject"],"condition":[],"effect":"Allow","not_actions":null,"not_principals":[],"not_resources":null,"principals":[{"identifiers":["*"],"type":"*"}],"resources":[null],"sid":"PublicReadForGetBucketObjects"},{"actions":["s3:PutObject"],"condition":[{"test":"StringNotEquals","values":["AES256"],"variable":"s3:x-amz-server-side-encryption"}],"effect":"Deny","not_actions":null,"not_principals":[],"not_resources":null,"principals":[{"identifiers":["*"],"type":"*"}],"resources":[null],"sid":"DenyIncorrectEncryptionHeader"},{"actions":["s3:PutObject"],"condition":[{"test":"Null","values":["true"],"variable":"s3:x-amz-server-side-encryption"}],"effect":"Deny","not_actions":null,"not_principals":[],"not_resources":null,"principals":[{"identifiers":["*"],"type":"*"}],"resources":[null],"sid":"DenyUnEncryptedObjectUploads"}],"version":null},"sensitive_values":{"statement":[{"actions":[false],"condition":[],"not_principals":[],"principals":[{"identifiers":[false]}],"resources":[false]},{"actions":[false],"condition":[{"values":[false]}],"not_principals":[],"principals":[{"identifiers":[false]}],"resources":[false]},{"actions":[false],"condition":[{"values":[false]}],"not_principals":[],"principals":[{"identifiers":[false]}],"resources":[false]}]}},{"address":"data.aws_iam_policy_document.site_bucket_policy[\"factually-settled-boxer-development\"]","mode":"data","type":"aws_iam_policy_document","name":"site_bucket_policy","index":"factually-settled-boxer-development","provider_name":"registry.terraform.io/hashicorp/aws","schema_version":0,"values":{"override_json":null,"override_policy_documents":null,"policy_id":null,"source_json":null,"source_policy_documents":null,"statement":[{"actions":["s3:GetObject"],"condition":[],"effect":"Allow","not_actions":null,"not_principals":[],"not_resources":null,"principals":[{"identifiers":["*"],"type":"*"}],"resources":[null],"sid":"PublicReadForGetBucketObjects"},{"actions":["s3:PutObject"],"condition":[{"test":"StringNotEquals","values":["AES256"],"variable":"s3:x-amz-server-side-encryption"}],"effect":"Deny","not_actions":null,"not_principals":[],"not_resources":null,"principals":[{"identifiers":["*"],"type":"*"}],"resources":[null],"sid":"DenyIncorrectEncryptionHeader"},{"actions":["s3:PutObject"],"condition":[{"test":"Null","values":["true"],"variable":"s3:x-amz-server-side-encryption"}],"effect":"Deny","not_actions":null,"not_principals":[],"not_resources":null,"principals":[{"identifiers":["*"],"type":"*"}],"resources":[null],"sid":"DenyUnEncryptedObjectUploads"}],"version":null},"sensitive_values":{"statement":[{"actions":[false],"condition":[],"not_principals":[],"principals":[{"identifiers":[false]}],"resources":[false]},{"actions":[false],"condition":[{"values":[false]}],"not_principals":[],"principals":[{"identifiers":[false]}],"resources":[false]},{"actions":[false],"condition":[{"values":[false]}],"not_principals":[],"principals":[{"identifiers":[false]}],"resources":[false]}]}}]}},"resource_changes":[{"address":"data.aws_iam_policy_document.gha_assume_role","mode":"data","type":"aws_iam_policy_document","name":"gha_assume_role","provider_name":"registry.terraform.io/hashicorp/aws","change":{"actions":["read"],"before":null,"after":{"override_json":null,"override_policy_documents":null,"policy_id":null,"source_json":null,"source_policy_documents":null,"statement":[{"actions":["sts:AssumeRoleWithWebIdentity"],"condition":[{"test":"StringEquals","values":["sts.amazonaws.com"],"variable":"token.actions.githubusercontent.com:aud"},{"test":"StringLike","values":["repo:ntno/mkdocs-demo:*"],"variable":"token.actions.githubusercontent.com:sub"}],"effect":"Allow","not_actions":null,"not_principals":[],"not_resources":null,"principals":[{"identifiers":[null],"type":"Federated"}],"resources":null,"sid":null}],"version":null},"after_unknown":{"id":true,"json":true,"minified_json":true,"statement":[{"actions":[false],"condition":[{"values":[false]},{"values":[false]}],"not_principals":[],"principals":[{"identifiers":[true]}]}]},"before_sensitive":false,"after_sensitive":{"statement":[{"actions":[false],"condition":[{"values":[false]},{"values":[false]}],"not_principals":[],"principals":[{"identifiers":[false]}]}]}},"action_reason":"read_because_config_unknown"},{"address":"data.aws_iam_policy_document.gha_s3_deploy_dev","mode":"data","type":"aws_iam_policy_document","name":"gha_s3_deploy_dev","provider_name":"registry.terraform.io/hashicorp/aws","change":{"actions":["read"],"before":null,"after":{"override_json":null,"override_policy_documents":null,"policy_id":null,"source_json":null,"source_policy_documents":null,"statement":[{"actions":["s3:GetBucketLocation","s3:ListBucket"],"condition":[],"effect":"Allow","not_actions":null,"not_principals":[],"not_resources":null,"principals":[],"resources":[null],"sid":"ListBucket"},{"actions":["s3:DeleteObject","s3:GetObject","s3:PutObject","s3:PutObjectAcl"],"condition":[],"effect":"Allow","not_actions":null,"not_principals":[],"not_resources":null,"principals":[],"resources":[null],"sid":"ObjectRW"},{"actions":["s3:GetBucketLocation","s3:ListBucket"],"condition":[],"effect":"Allow","not_actions":null,"not_principals":[],"not_resources":null,"principals":[],"resources":[null],"sid":"ArtifactsRW"},{"actions":["s3:DeleteObject","s3:GetObject","s3:PutObject"],"condition":[],"effect":"Allow","not_actions":null,"not_principals":[],"not_resources":null,"principals":[],"resources":[null],"sid":"ArtifactsObjectRW"}],"version":null},"after_unknown":{"id":true,"json":true,"minified_json":true,"statement":[{"actions":[false,false],"condition":[],"not_principals":[],"principals":[],"resources":[true]},{"actions":[false,false,false,false],"condition":[],"not_principals":[],"principals":[],"resources":[true]},{"actions":[false,false],"condition":[],"not_principals":[],"principals":[],"resources":[true]},{"actions":[false,false,false],"condition":[],"not_principals":[],"principals":[],"resources":[true]}]},"before_sensitive":false,"after_sensitive":{"statement":[{"actions":[false,false],"condition":[],"not_principals":[],"principals":[],"resources":[false]},{"actions":[false,false,false,false],"condition":[],"not_principals":[],"principals":[],"resources":[false]},{"actions":[false,false],"condition":[],"not_principals":[],"principals":[],"resources":[false]},{"actions":[false,false,false],"condition":[],"not_principals":[],"principals":[],"resources":[false]}]}},"action_reason":"read_because_config_unknown"},{"address":"data.aws_iam_policy_document.gha_s3_deploy_integration","mode":"data","type":"aws_iam_policy_document","name":"gha_s3_deploy_integration","provider_name":"registry.terraform.io/hashicorp/aws","change":{"actions":["read"],"before":null,"after":{"override_json":null,"override_policy_documents":null,"policy_id":null,"source_json":null,"source_policy_documents":null,"statement":[{"actions":["s3:ListAllMyBuckets"],"condition":[],"effect":"Allow","not_actions":null,"not_principals":[],"not_resources":null,"principals":[],"resources":["*"],"sid":"ListBuckets"},{"actions":["s3:CreateBucket","s3:DeleteBucket","s3:DeleteBucketPolicy","s3:DeleteBucketWebsite","s3:GetBucketLocation","s3:ListBucket","s3:PutBucketOwnershipControls","s3:PutBucketPolicy","s3:PutBucketPublicAccessBlock","s3:PutBucketVersioning","s3:PutBucketWebsite","s3:PutEncryptionConfiguration"],"condition":[],"effect":"Allow","not_actions":null,"not_principals":[],"not_resources":null,"principals":[],"resources":["arn:aws:s3:::ntno-mkdocs-demo-ci-pr-*"],"sid":"ManagePrBuckets"},{"actions":["s3:DeleteObject","s3:GetObject","s3:PutObject","s3:PutObjectAcl"],"condition":[],"effect":"Allow","not_actions":null,"not_principals":[],"not_resources":null,"principals":[],"resources":["arn:aws:s3:::ntno-mkdocs-demo-ci-pr-*/*"],"sid":"PrBucketObjects"},{"actions":["s3:GetBucketLocation","s3:ListBucket"],"condition":[],"effect":"Allow","not_actions":null,"not_principals":[],"not_resources":null,"principals":[],"resources":[null],"sid":"ArtifactsRW"},{"actions":["s3:DeleteObject","s3:GetObject","s3:PutObject"],"condition":[],"effect":"Allow","not_actions":null,"not_principals":[],"not_resources":null,"principals":[],"resources":[null],"sid":"ArtifactsObjectRW"}],"version":null},"after_unknown":{"id":true,"json":true,"minified_json":true,"statement":[{"actions":[false],"condition":[],"not_principals":[],"principals":[],"resources":[false]},{"actions":[false,false,false,false,false,false,false,false,false,false,false,false],"condition":[],"not_principals":[],"principals":[],"resources":[false]},{"actions":[false,false,false,false],"condition":[],"not_principals":[],"principals":[],"resources":[false]},{"actions":[false,false],"condition":[],"not_principals":[],"principals":[],"resources":[true]},{"actions":[false,false,false],"condition":[],"not_principals":[],"principals":[],"resources":[true]}]},"before_sensitive":false,"after_sensitive":{"statement":[{"actions":[false],"condition":[],"not_principals":[],"principals":[],"resources":[false]},{"actions":[false,false,false,false,false,false,false,false,false,false,false,false],"condition":[],"not_principals":[],"principals":[],"resources":[false]},{"actions":[false,false,false,false],"condition":[],"not_principals":[],"principals":[],"resources":[false]},{"actions":[false,false],"condition":[],"not_principals":[],"principals":[],"resources":[false]},{"actions":[false,false,false],"condition":[],"not_principals":[],"principals":[],"resources":[false]}]}},"action_reason":"read_because_config_unknown"},{"address":"data.aws_iam_policy_document.gha_s3_deploy_prod","mode":"data","type":"aws_iam_policy_document","name":"gha_s3_deploy_prod","provider_name":"registry.terraform.io/hashicorp/aws","change":{"actions":["read"],"before":null,"after":{"override_json":null,"override_policy_documents":null,"policy_id":null,"source_json":null,"source_policy_documents":null,"statement":[{"actions":["s3:GetBucketLocation","s3:ListBucket"],"condition":[],"effect":"Allow","not_actions":null,"not_principals":[],"not_resources":null,"principals":[],"resources":[null],"sid":"ListBucket"},{"actions":["s3:DeleteObject","s3:GetObject","s3:PutObject","s3:PutObjectAcl"],"condition":[],"effect":"Allow","not_actions":null,"not_principals":[],"not_resources":null,"principals":[],"resources":[null],"sid":"ObjectRW"},{"actions":["s3:GetBucketLocation","s3:ListBucket"],"condition":[],"effect":"Allow","not_actions":null,"not_principals":[],"not_resources":null,"principals":[],"resources":[null],"sid":"ArtifactsRW"},{"actions":["s3:DeleteObject","s3:GetObject","s3:PutObject"],"condition":[],"effect":"Allow","not_actions":null,"not_principals":[],"not_resources":null,"principals":[],"resources":[null],"sid":"ArtifactsObjectRW"}],"version":null},"after_unknown":{"id":true,"json":true,"minified_json":true,"statement":[{"actions":[false,false],"condition":[],"not_principals":[],"principals":[],"resources":[true]},{"actions":[false,false,false,false],"condition":[],"not_principals":[],"principals":[],"resources":[true]},{"actions":[false,false],"condition":[],"not_principals":[],"principals":[],"resources":[true]},{"actions":[false,false,false],"condition":[],"not_principals":[],"principals":[],"resources":[true]}]},"before_sensitive":false,"after_sensitive":{"statement":[{"actions":[false,false],"condition":[],"not_principals":[],"principals":[],"resources":[false]},{"actions":[false,false,false,false],"condition":[],"not_principals":[],"principals":[],"resources":[false]},{"actions":[false,false],"condition":[],"not_principals":[],"principals":[],"resources":[false]},{"actions":[false,false,false],"condition":[],"not_principals":[],"principals":[],"resources":[false]}]}},"action_reason":"read_because_config_unknown"},{"address":"data.aws_iam_policy_document.site_bucket_policy[\"factually-settled-boxer\"]","mode":"data","type":"aws_iam_policy_document","name":"site_bucket_policy","index":"factually-settled-boxer","provider_name":"registry.terraform.io/hashicorp/aws","change":{"actions":["read"],"before":null,"after":{"override_json":null,"override_policy_documents":null,"policy_id":null,"source_json":null,"source_policy_documents":null,"statement":[{"actions":["s3:GetObject"],"condition":[],"effect":"Allow","not_actions":null,"not_principals":[],"not_resources":null,"principals":[{"identifiers":["*"],"type":"*"}],"resources":[null],"sid":"PublicReadForGetBucketObjects"},{"actions":["s3:PutObject"],"condition":[{"test":"StringNotEquals","values":["AES256"],"variable":"s3:x-amz-server-side-encryption"}],"effect":"Deny","not_actions":null,"not_principals":[],"not_resources":null,"principals":[{"identifiers":["*"],"type":"*"}],"resources":[null],"sid":"DenyIncorrectEncryptionHeader"},{"actions":["s3:PutObject"],"condition":[{"test":"Null","values":["true"],"variable":"s3:x-amz-server-side-encryption"}],"effect":"Deny","not_actions":null,"not_principals":[],"not_resources":null,"principals":[{"identifiers":["*"],"type":"*"}],"resources":[null],"sid":"DenyUnEncryptedObjectUploads"}],"version":null},"after_unknown":{"id":true,"json":true,"minified_json":true,"statement":[{"actions":[false],"condition":[],"not_principals":[],"principals":[{"identifiers":[false]}],"resources":[true]},{"actions":[false],"condition":[{"values":[false]}],"not_principals":[],"principals":[{"identifiers":[false]}],"resources":[true]},{"actions":[false],"condition":[{"values":[false]}],"not_principals":[],"principals":[{"identifiers":[false]}],"resources":[true]}]},"before_sensitive":false,"after_sensitive":{"statement":[{"actions":[false],"condition":[],"not_principals":[],"principals":[{"identifiers":[false]}],"resources":[false]},{"actions":[false],"condition":[{"values":[false]}],"not_principals":[],"principals":[{"identifiers":[false]}],"resources":[false]},{"actions":[false],"condition":[{"values":[false]}],"not_principals":[],"principals":[{"identifiers":[false]}],"resources":[false]}]}},"action_reason":"read_because_config_unknown"},{"address":"data.aws_iam_policy_document.site_bucket_policy[\"factually-settled-boxer-development\"]","mode":"data","type":"aws_iam_policy_document","name":"site_bucket_policy","index":"factually-settled-boxer-development","provider_name":"registry.terraform.io/hashicorp/aws","change":{"actions":["read"],"before":null,"after":{"override_json":null,"override_policy_documents":null,"policy_id":null,"source_json":null,"source_policy_documents":null,"statement":[{"actions":["s3:GetObject"],"condition":[],"effect":"Allow","not_actions":null,"not_principals":[],"not_resources":null,"principals":[{"identifiers":["*"],"type":"*"}],"resources":[null],"sid":"PublicReadForGetBucketObjects"},{"actions":["s3:PutObject"],"condition":[{"test":"StringNotEquals","values":["AES256"],"variable":"s3:x-amz-server-side-encryption"}],"effect":"Deny","not_actions":null,"not_principals":[],"not_resources":null,"principals":[{"identifiers":["*"],"type":"*"}],"resources":[null],"sid":"DenyIncorrectEncryptionHeader"},{"actions":["s3:PutObject"],"condition":[{"test":"Null","values":["true"],"variable":"s3:x-amz-server-side-encryption"}],"effect":"Deny","not_actions":null,"not_principals":[],"not_resources":null,"principals":[{"identifiers":["*"],"type":"*"}],"resources":[null],"sid":"DenyUnEncryptedObjectUploads"}],"version":null},"after_unknown":{"id":true,"json":true,"minified_json":true,"statement":[{"actions":[false],"condition":[],"not_principals":[],"principals":[{"identifiers":[false]}],"resources":[true]},{"actions":[false],"condition":[{"values":[false]}],"not_principals":[],"principals":[{"identifiers":[false]}],"resources":[true]},{"actions":[false],"condition":[{"values":[false]}],"not_principals":[],"principals":[{"identifiers":[false]}],"resources":[true]}]},"before_sensitive":false,"after_sensitive":{"statement":[{"actions":[false],"condition":[],"not_principals":[],"principals":[{"identifiers":[false]}],"resources":[false]},{"actions":[false],"condition":[{"values":[false]}],"not_principals":[],"principals":[{"identifiers":[false]}],"resources":[false]},{"actions":[false],"condition":[{"values":[false]}],"not_principals":[],"principals":[{"identifiers":[false]}],"resources":[false]}]}},"action_reason":"read_because_config_unknown"},{"address":"aws_iam_openid_connect_provider.github","mode":"managed","type":"aws_iam_openid_connect_provider","name":"github","provider_name":"registry.terraform.io/hashicorp/aws","change":{"actions":["create"],"before":null,"after":{"client_id_list":["sts.amazonaws.com"],"tags":null,"tags_all":{"ManagedBy":"Terraform","Project":"mkdocs-demo"},"thumbprint_list":["6938fd4d98bab03faadb97b34396831e3780aea1"],"url":"https://token.actions.githubusercontent.com"},"after_unknown":{"arn":true,"client_id_list":[false],"id":true,"tags_all":{},"thumbprint_list":[false]},"before_sensitive":false,"after_sensitive":{"client_id_list":[false],"tags_all":{},"thumbprint_list":[false]}}},{"address":"aws_iam_policy.gha_deploy_dev","mode":"managed","type":"aws_iam_policy","name":"gha_deploy_dev","provider_name":"registry.terraform.io/hashicorp/aws","change":{"actions":["create"],"before":null,"after":{"description":null,"name":"mkdocs-demo-gha-deploy-dev","path":"/","tags":null,"tags_all":{"ManagedBy":"Terraform","Project":"mkdocs-demo"}},"after_unknown":{"arn":true,"attachment_count":true,"id":true,"name_prefix":true,"policy":true,"policy_id":true,"tags_all":{}},"before_sensitive":false,"after_sensitive":{"tags_all":{}}}},{"address":"aws_iam_policy.gha_deploy_integration","mode":"managed","type":"aws_iam_policy","name":"gha_deploy_integration","provider_name":"registry.terraform.io/hashicorp/aws","change":{"actions":["create"],"before":null,"after":{"description":null,"name":"mkdocs-demo-gha-deploy-integration","path":"/","tags":null,"tags_all":{"ManagedBy":"Terraform","Project":"mkdocs-demo"}},"after_unknown":{"arn":true,"attachment_count":true,"id":true,"name_prefix":true,"policy":true,"policy_id":true,"tags_all":{}},"before_sensitive":false,"after_sensitive":{"tags_all":{}}}},{"address":"aws_iam_policy.gha_deploy_prod","mode":"managed","type":"aws_iam_policy","name":"gha_deploy_prod","provider_name":"registry.terraform.io/hashicorp/aws","change":{"actions":["create"],"before":null,"after":{"description":null,"name":"mkdocs-demo-gha-deploy-prod","path":"/","tags":null,"tags_all":{"ManagedBy":"Terraform","Project":"mkdocs-demo"}},"after_unknown":{"arn":true,"attachment_count":true,"id":true,"name_prefix":true,"policy":true,"policy_id":true,"tags_all":{}},"before_sensitive":false,"after_sensitive":{"tags_all":{}}}},{"address":"aws_iam_role.gha_deploy_dev","mode":"managed","type":"aws_iam_role","name":"gha_deploy_dev","provider_name":"registry.terraform.io/hashicorp/aws","change":{"actions":["create"],"before":null,"after":{"description":null,"force_detach_policies":false,"max_session_duration":3600,"name":"mkdocs-demo-gha-deploy-dev","path":"/","permissions_boundary":null,"tags":null,"tags_all":{"ManagedBy":"Terraform","Project":"mkdocs-demo"}},"after_unknown":{"arn":true,"assume_role_policy":true,"create_date":true,"id":true,"inline_policy":true,"managed_policy_arns":true,"name_prefix":true,"tags_all":{},"unique_id":true},"before_sensitive":false,"after_sensitive":{"inline_policy":[],"managed_policy_arns":[],"tags_all":{}}}},{"address":"aws_iam_role.gha_deploy_integration","mode":"managed","type":"aws_iam_role","name":"gha_deploy_integration","provider_name":"registry.terraform.io/hashicorp/aws","change":{"actions":["create"],"before":null,"after":{"description":null,"force_detach_policies":false,"max_session_duration":3600,"name":"mkdocs-demo-gha-deploy-integration","path":"/","permissions_boundary":null,"tags":null,"tags_all":{"ManagedBy":"Terraform","Project":"mkdocs-demo"}},"after_unknown":{"arn":true,"assume_role_policy":true,"create_date":true,"id":true,"inline_policy":true,"managed_policy_arns":true,"name_prefix":true,"tags_all":{},"unique_id":true},"before_sensitive":false,"after_sensitive":{"inline_policy":[],"managed_policy_arns":[],"tags_all":{}}}},{"address":"aws_iam_role.gha_deploy_prod","mode":"managed","type":"aws_iam_role","name":"gha_deploy_prod","provider_name":"registry.terraform.io/hashicorp/aws","change":{"actions":["create"],"before":null,"after":{"description":null,"force_detach_policies":false,"max_session_duration":3600,"name":"mkdocs-demo-gha-deploy-prod","path":"/","permissions_boundary":null,"tags":null,"tags_all":{"ManagedBy":"Terraform","Project":"mkdocs-demo"}},"after_unknown":{"arn":true,"assume_role_policy":true,"create_date":true,"id":true,"inline_policy":true,"managed_policy_arns":true,"name_prefix":true,"tags_all":{},"unique_id":true},"before_sensitive":false,"after_sensitive":{"inline_policy":[],"managed_policy_arns":[],"tags_all":{}}}},{"address":"aws_iam_role_policy_attachment.dev","mode":"managed","type":"aws_iam_role_policy_attachment","name":"dev","provider_name":"registry.terraform.io/hashicorp/aws","change":{"actions":["create"],"before":null,"after":{"role":"mkdocs-demo-gha-deploy-dev"},"after_unknown":{"id":true,"policy_arn":true},"before_sensitive":false,"after_sensitive":{}}},{"address":"aws_iam_role_policy_attachment.integration","mode":"managed","type":"aws_iam_role_policy_attachment","name":"integration","provider_name":"registry.terraform.io/hashicorp/aws","change":{"actions":["create"],"before":null,"after":{"role":"mkdocs-demo-gha-deploy-integration"},"after_unknown":{"id":true,"policy_arn":true},"before_sensitive":false,"after_sensitive":{}}},{"address":"aws_iam_role_policy_attachment.prod","mode":"managed","type":"aws_iam_role_policy_attachment","name":"prod","provider_name":"registry.terraform.io/hashicorp/aws","change":{"actions":["create"],"before":null,"after":{"role":"mkdocs-demo-gha-deploy-prod"},"after_unknown":{"id":true,"policy_arn":true},"before_sensitive":false,"after_sensitive":{}}},{"address":"aws_s3_bucket.artifacts","mode":"managed","type":"aws_s3_bucket","name":"artifacts","provider_name":"registry.terraform.io/hashicorp/aws","change":{"actions":["create"],"before":null,"after":{"bucket":"factually-settled-boxer-artifacts","force_destroy":false,"tags":null,"tags_all":{"ManagedBy":"Terraform","Project":"mkdocs-demo"},"timeouts":null},"after_unknown":{"acceleration_status":true,"acl":true,"arn":true,"bucket_domain_name":true,"bucket_prefix":true,"bucket_regional_domain_name":true,"cors_rule":true,"grant":true,"hosted_zone_id":true,"id":true,"lifecycle_rule":true,"logging":true,"object_lock_configuration":true,"object_lock_enabled":true,"policy":true,"region":true,"replication_configuration":true,"request_payer":true,"server_side_encryption_configuration":true,"tags_all":{},"versioning":true,"website":true,"website_domain":true,"website_endpoint":true},"before_sensitive":false,"after_sensitive":{"cors_rule":[],"grant":[],"lifecycle_rule":[],"logging":[],"object_lock_configuration":[],"replication_configuration":[],"server_side_encryption_configuration":[],"tags_all":{},"versioning":[],"website":[]}}},{"address":"aws_s3_bucket.site[\"factually-settled-boxer\"]","mode":"managed","type":"aws_s3_bucket","name":"site","index":"factually-settled-boxer","provider_name":"registry.terraform.io/hashicorp/aws","change":{"actions":["create"],"before":null,"after":{"bucket":"factually-settled-boxer","force_destroy":false,"tags":null,"tags_all":{"ManagedBy":"Terraform","Project":"mkdocs-demo"},"timeouts":null},"after_unknown":{"acceleration_status":true,"acl":true,"arn":true,"bucket_domain_name":true,"bucket_prefix":true,"bucket_regional_domain_name":true,"cors_rule":true,"grant":true,"hosted_zone_id":true,"id":true,"lifecycle_rule":true,"logging":true,"object_lock_configuration":true,"object_lock_enabled":true,"policy":true,"region":true,"replication_configuration":true,"request_payer":true,"server_side_encryption_configuration":true,"tags_all":{},"versioning":true,"website":true,"website_domain":true,"website_endpoint":true},"before_sensitive":false,"after_sensitive":{"cors_rule":[],"grant":[],"lifecycle_rule":[],"logging":[],"object_lock_configuration":[],"replication_configuration":[],"server_side_encryption_configuration":[],"tags_all":{},"versioning":[],"website":[]}}},{"address":"aws_s3_bucket.site[\"factually-settled-boxer-development\"]","mode":"managed","type":"aws_s3_bucket","name":"site","index":"factually-settled-boxer-development","provider_name":"registry.terraform.io/hashicorp/aws","change":{"actions":["create"],"before":null,"after":{"bucket":"factually-settled-boxer-development","force_destroy":false,"tags":null,"tags_all":{"ManagedBy":"Terraform","Project":"mkdocs-demo"},"timeouts":null},"after_unknown":{"acceleration_status":true,"acl":true,"arn":true,"bucket_domain_name":true,"bucket_prefix":true,"bucket_regional_domain_name":true,"cors_rule":true,"grant":true,"hosted_zone_id":true,"id":true,"lifecycle_rule":true,"logging":true,"object_lock_configuration":true,"object_lock_enabled":true,"policy":true,"region":true,"replication_configuration":true,"request_payer":true,"server_side_encryption_configuration":true,"tags_all":{},"versioning":true,"website":true,"website_domain":true,"website_endpoint":true},"before_sensitive":false,"after_sensitive":{"cors_rule":[],"grant":[],"lifecycle_rule":[],"logging":[],"object_lock_configuration":[],"replication_configuration":[],"server_side_encryption_configuration":[],"tags_all":{},"versioning":[],"website":[]}}},{"address":"aws_s3_bucket_lifecycle_configuration.artifacts","mode":"managed","type":"aws_s3_bucket_lifecycle_configuration","name":"artifacts","provider_name":"registry.terraform.io/hashicorp/aws","change":{"actions":["create"],"before":null,"after":{"rule":[{"abort_incomplete_multipart_upload":[],"expiration":[{"date":null,"days":30,"expired_object_delete_marker":false}],"filter":[{"and":[],"object_size_greater_than":null,"object_size_less_than":null,"prefix":"","tag":[]}],"id":"expire-old-artifacts","noncurrent_version_expiration":[{"newer_noncurrent_versions":null,"noncurrent_days":30}],"noncurrent_version_transition":[],"prefix":"","status":"Enabled","transition":[]}],"timeouts":null,"transition_default_minimum_object_size":"all_storage_classes_128K"},"after_unknown":{"bucket":true,"expected_bucket_owner":true,"id":true,"rule":[{"abort_incomplete_multipart_upload":[],"expiration":[{}],"filter":[{"and":[],"tag":[]}],"noncurrent_version_expiration":[{}],"noncurrent_version_transition":[],"transition":[]}]},"before_sensitive":false,"after_sensitive":{"rule":[{"abort_incomplete_multipart_upload":[],"expiration":[{}],"filter":[{"and":[],"tag":[]}],"noncurrent_version_expiration":[{}],"noncurrent_version_transition":[],"transition":[]}]}}},{"address":"aws_s3_bucket_ownership_controls.artifacts","mode":"managed","type":"aws_s3_bucket_ownership_controls","name":"artifacts","provider_name":"registry.terraform.io/hashicorp/aws","change":{"actions":["create"],"before":null,"after":{"rule":[{"object_ownership":"BucketOwnerEnforced"}]},"after_unknown":{"bucket":true,"id":true,"rule":[{}]},"before_sensitive":false,"after_sensitive":{"rule":[{}]}}},{"address":"aws_s3_bucket_ownership_controls.site[\"factually-settled-boxer\"]","mode":"managed","type":"aws_s3_bucket_ownership_controls","name":"site","index":"factually-settled-boxer","provider_name":"registry.terraform.io/hashicorp/aws","change":{"actions":["create"],"before":null,"after":{"rule":[{"object_ownership":"BucketOwnerEnforced"}]},"after_unknown":{"bucket":true,"id":true,"rule":[{}]},"before_sensitive":false,"after_sensitive":{"rule":[{}]}}},{"address":"aws_s3_bucket_ownership_controls.site[\"factually-settled-boxer-development\"]","mode":"managed","type":"aws_s3_bucket_ownership_controls","name":"site","index":"factually-settled-boxer-development","provider_name":"registry.terraform.io/hashicorp/aws","change":{"actions":["create"],"before":null,"after":{"rule":[{"object_ownership":"BucketOwnerEnforced"}]},"after_unknown":{"bucket":true,"id":true,"rule":[{}]},"before_sensitive":false,"after_sensitive":{"rule":[{}]}}},{"address":"aws_s3_bucket_policy.site[\"factually-settled-boxer\"]","mode":"managed","type":"aws_s3_bucket_policy","name":"site","index":"factually-settled-boxer","provider_name":"registry.terraform.io/hashicorp/aws","change":{"actions":["create"],"before":null,"after":{},"after_unknown":{"bucket":true,"id":true,"policy":true},"before_sensitive":false,"after_sensitive":{}}},{"address":"aws_s3_bucket_policy.site[\"factually-settled-boxer-development\"]","mode":"managed","type":"aws_s3_bucket_policy","name":"site","index":"factually-settled-boxer-development","provider_name":"registry.terraform.io/hashicorp/aws","change":{"actions":["create"],"before":null,"after":{},"after_unknown":{"bucket":true,"id":true,"policy":true},"before_sensitive":false,"after_sensitive":{}}},{"address":"aws_s3_bucket_public_access_block.artifacts","mode":"managed","type":"aws_s3_bucket_public_access_block","name":"artifacts","provider_name":"registry.terraform.io/hashicorp/aws","change":{"actions":["create"],"before":null,"after":{"block_public_acls":true,"block_public_policy":true,"ignore_public_acls":true,"restrict_public_buckets":true},"after_unknown":{"bucket":true,"id":true},"before_sensitive":false,"after_sensitive":{}}},{"address":"aws_s3_bucket_public_access_block.site[\"factually-settled-boxer\"]","mode":"managed","type":"aws_s3_bucket_public_access_block","name":"site","index":"factually-settled-boxer","provider_name":"registry.terraform.io/hashicorp/aws","change":{"actions":["create"],"before":null,"after":{"block_public_acls":false,"block_public_policy":false,"ignore_public_acls":false,"restrict_public_buckets":false},"after_unknown":{"bucket":true,"id":true},"before_sensitive":false,"after_sensitive":{}}},{"address":"aws_s3_bucket_public_access_block.site[\"factually-settled-boxer-development\"]","mode":"managed","type":"aws_s3_bucket_public_access_block","name":"site","index":"factually-settled-boxer-development","provider_name":"registry.terraform.io/hashicorp/aws","change":{"actions":["create"],"before":null,"after":{"block_public_acls":false,"block_public_policy":false,"ignore_public_acls":false,"restrict_public_buckets":false},"after_unknown":{"bucket":true,"id":true},"before_sensitive":false,"after_sensitive":{}}},{"address":"aws_s3_bucket_server_side_encryption_configuration.artifacts","mode":"managed","type":"aws_s3_bucket_server_side_encryption_configuration","name":"artifacts","provider_name":"registry.terraform.io/hashicorp/aws","change":{"actions":["create"],"before":null,"after":{"expected_bucket_owner":null,"rule":[{"apply_server_side_encryption_by_default":[{"kms_master_key_id":"","sse_algorithm":"AES256"}],"bucket_key_enabled":null}]},"after_unknown":{"bucket":true,"id":true,"rule":[{"apply_server_side_encryption_by_default":[{}]}]},"before_sensitive":false,"after_sensitive":{"rule":[{"apply_server_side_encryption_by_default":[{}]}]}}},{"address":"aws_s3_bucket_server_side_encryption_configuration.site[\"factually-settled-boxer\"]","mode":"managed","type":"aws_s3_bucket_server_side_encryption_configuration","name":"site","index":"factually-settled-boxer","provider_name":"registry.terraform.io/hashicorp/aws","change":{"actions":["create"],"before":null,"after":{"expected_bucket_owner":null,"rule":[{"apply_server_side_encryption_by_default":[{"kms_master_key_id":"","sse_algorithm":"AES256"}],"bucket_key_enabled":null}]},"after_unknown":{"bucket":true,"id":true,"rule":[{"apply_server_side_encryption_by_default":[{}]}]},"before_sensitive":false,"after_sensitive":{"rule":[{"apply_server_side_encryption_by_default":[{}]}]}}},{"address":"aws_s3_bucket_server_side_encryption_configuration.site[\"factually-settled-boxer-development\"]","mode":"managed","type":"aws_s3_bucket_server_side_encryption_configuration","name":"site","index":"factually-settled-boxer-development","provider_name":"registry.terraform.io/hashicorp/aws","change":{"actions":["create"],"before":null,"after":{"expected_bucket_owner":null,"rule":[{"apply_server_side_encryption_by_default":[{"kms_master_key_id":"","sse_algorithm":"AES256"}],"bucket_key_enabled":null}]},"after_unknown":{"bucket":true,"id":true,"rule":[{"apply_server_side_encryption_by_default":[{}]}]},"before_sensitive":false,"after_sensitive":{"rule":[{"apply_server_side_encryption_by_default":[{}]}]}}},{"address":"aws_s3_bucket_versioning.artifacts","mode":"managed","type":"aws_s3_bucket_versioning","name":"artifacts","provider_name":"registry.terraform.io/hashicorp/aws","change":{"actions":["create"],"before":null,"after":{"expected_bucket_owner":null,"mfa":null,"versioning_configuration":[{"status":"Enabled"}]},"after_unknown":{"bucket":true,"id":true,"versioning_configuration":[{"mfa_delete":true}]},"before_sensitive":false,"after_sensitive":{"versioning_configuration":[{}]}}},{"address":"aws_s3_bucket_versioning.site[\"factually-settled-boxer\"]","mode":"managed","type":"aws_s3_bucket_versioning","name":"site","index":"factually-settled-boxer","provider_name":"registry.terraform.io/hashicorp/aws","change":{"actions":["create"],"before":null,"after":{"expected_bucket_owner":null,"mfa":null,"versioning_configuration":[{"status":"Enabled"}]},"after_unknown":{"bucket":true,"id":true,"versioning_configuration":[{"mfa_delete":true}]},"before_sensitive":false,"after_sensitive":{"versioning_configuration":[{}]}}},{"address":"aws_s3_bucket_versioning.site[\"factually-settled-boxer-development\"]","mode":"managed","type":"aws_s3_bucket_versioning","name":"site","index":"factually-settled-boxer-development","provider_name":"registry.terraform.io/hashicorp/aws","change":{"actions":["create"],"before":null,"after":{"expected_bucket_owner":null,"mfa":null,"versioning_configuration":[{"status":"Enabled"}]},"after_unknown":{"bucket":true,"id":true,"versioning_configuration":[{"mfa_delete":true}]},"before_sensitive":false,"after_sensitive":{"versioning_configuration":[{}]}}},{"address":"aws_s3_bucket_website_configuration.site[\"factually-settled-boxer\"]","mode":"managed","type":"aws_s3_bucket_website_configuration","name":"site","index":"factually-settled-boxer","provider_name":"registry.terraform.io/hashicorp/aws","change":{"actions":["create"],"before":null,"after":{"error_document":[{"key":"404.html"}],"expected_bucket_owner":null,"index_document":[{"suffix":"index.html"}],"redirect_all_requests_to":[]},"after_unknown":{"bucket":true,"error_document":[{}],"id":true,"index_document":[{}],"redirect_all_requests_to":[],"routing_rule":true,"routing_rules":true,"website_domain":true,"website_endpoint":true},"before_sensitive":false,"after_sensitive":{"error_document":[{}],"index_document":[{}],"redirect_all_requests_to":[],"routing_rule":[]}}},{"address":"aws_s3_bucket_website_configuration.site[\"factually-settled-boxer-development\"]","mode":"managed","type":"aws_s3_bucket_website_configuration","name":"site","index":"factually-settled-boxer-development","provider_name":"registry.terraform.io/hashicorp/aws","change":{"actions":["create"],"before":null,"after":{"error_document":[{"key":"404.html"}],"expected_bucket_owner":null,"index_document":[{"suffix":"index.html"}],"redirect_all_requests_to":[]},"after_unknown":{"bucket":true,"error_document":[{}],"id":true,"index_document":[{}],"redirect_all_requests_to":[],"routing_rule":true,"routing_rules":true,"website_domain":true,"website_endpoint":true},"before_sensitive":false,"after_sensitive":{"error_document":[{}],"index_document":[{}],"redirect_all_requests_to":[],"routing_rule":[]}}}],"output_changes":{"artifact_bucket_name":{"actions":["create"],"before":null,"after":"factually-settled-boxer-artifacts","after_unknown":false,"before_sensitive":false,"after_sensitive":false},"dev_site_bucket_name":{"actions":["create"],"before":null,"after":"factually-settled-boxer-development","after_unknown":false,"before_sensitive":false,"after_sensitive":false},"dev_website_endpoint":{"actions":["create"],"before":null,"after_unknown":true,"before_sensitive":false,"after_sensitive":false},"development_iam_role_arn":{"actions":["create"],"before":null,"after_unknown":true,"before_sensitive":false,"after_sensitive":false},"integration_iam_role_arn":{"actions":["create"],"before":null,"after_unknown":true,"before_sensitive":false,"after_sensitive":false},"prod_site_bucket_name":{"actions":["create"],"before":null,"after":"factually-settled-boxer","after_unknown":false,"before_sensitive":false,"after_sensitive":false},"prod_website_endpoint":{"actions":["create"],"before":null,"after_unknown":true,"before_sensitive":false,"after_sensitive":false},"production_iam_role_arn":{"actions":["create"],"before":null,"after_unknown":true,"before_sensitive":false,"after_sensitive":false}},"prior_state":{"format_version":"1.0","terraform_version":"1.13.5","values":{"outputs":{"artifact_bucket_name":{"sensitive":false,"value":"factually-settled-boxer-artifacts","type":"string"},"dev_site_bucket_name":{"sensitive":false,"value":"factually-settled-boxer-development","type":"string"},"prod_site_bucket_name":{"sensitive":false,"value":"factually-settled-boxer","type":"string"}},"root_module":{}}},"configuration":{"provider_config":{"aws":{"name":"aws","full_name":"registry.terraform.io/hashicorp/aws","version_constraint":"~\u003e 5.0","expressions":{"default_tags":[{"tags":{"references":["var.tags"]}}],"region":{"references":["var.region"]}}}},"root_module":{"outputs":{"artifact_bucket_name":{"expression":{"references":["var.artifact_bucket_name"]},"description":"Artifact S3 bucket name."},"dev_site_bucket_name":{"expression":{"references":["var.dev_site_bucket_name"]},"description":"Development S3 website bucket name."},"dev_website_endpoint":{"expression":{"references":["aws_s3_bucket_website_configuration.site","local.dev_bucket"]},"description":"HTTP endpoint for S3 static website hosting (dev)."},"development_iam_role_arn":{"expression":{"references":["aws_iam_role.gha_deploy_dev.arn","aws_iam_role.gha_deploy_dev"]},"description":"Set this as GitHub secret DEVELOPMENT_IAM_ROLE_ARN."},"integration_iam_role_arn":{"expression":{"references":["aws_iam_role.gha_deploy_integration.arn","aws_iam_role.gha_deploy_integration"]},"description":"Set this as GitHub secret INTEGRATION_IAM_ROLE_ARN (PR deploy workflows)."},"prod_site_bucket_name":{"expression":{"references":["var.prod_site_bucket_name"]},"description":"Production S3 website bucket name."},"prod_website_endpoint":{"expression":{"references":["aws_s3_bucket_website_configuration.site","local.prod_bucket"]},"description":"HTTP endpoint for S3 static website hosting (prod)."},"production_iam_role_arn":{"expression":{"references":["aws_iam_role.gha_deploy_prod.arn","aws_iam_role.gha_deploy_prod"]},"description":"Set this as GitHub secret PRODUCTION_IAM_ROLE_ARN."}},"resources":[{"address":"aws_iam_openid_connect_provider.github","mode":"managed","type":"aws_iam_openid_connect_provider","name":"github","provider_config_key":"aws","expressions":{"client_id_list":{"constant_value":["sts.amazonaws.com"]},"thumbprint_list":{"references":["var.github_oidc_thumbprints"]},"url":{"references":["var.github_oidc_provider_url"]}},"schema_version":0},{"address":"aws_iam_policy.gha_deploy_dev","mode":"managed","type":"aws_iam_policy","name":"gha_deploy_dev","provider_config_key":"aws","expressions":{"name":{"references":["var.project_name"]},"policy":{"references":["data.aws_iam_policy_document.gha_s3_deploy_dev.json","data.aws_iam_policy_document.gha_s3_deploy_dev"]}},"schema_version":0},{"address":"aws_iam_policy.gha_deploy_integration","mode":"managed","type":"aws_iam_policy","name":"gha_deploy_integration","provider_config_key":"aws","expressions":{"name":{"references":["var.project_name"]},"policy":{"references":["data.aws_iam_policy_document.gha_s3_deploy_integration.json","data.aws_iam_policy_document.gha_s3_deploy_integration"]}},"schema_version":0},{"address":"aws_iam_policy.gha_deploy_prod","mode":"managed","type":"aws_iam_policy","name":"gha_deploy_prod","provider_config_key":"aws","expressions":{"name":{"references":["var.project_name"]},"policy":{"references":["data.aws_iam_policy_document.gha_s3_deploy_prod.json","data.aws_iam_policy_document.gha_s3_deploy_prod"]}},"schema_version":0},{"address":"aws_iam_role.gha_deploy_dev","mode":"managed","type":"aws_iam_role","name":"gha_deploy_dev","provider_config_key":"aws","expressions":{"assume_role_policy":{"references":["data.aws_iam_policy_document.gha_assume_role.json","data.aws_iam_policy_document.gha_assume_role"]},"name":{"references":["var.project_name"]}},"schema_version":0},{"address":"aws_iam_role.gha_deploy_integration","mode":"managed","type":"aws_iam_role","name":"gha_deploy_integration","provider_config_key":"aws","expressions":{"assume_role_policy":{"references":["data.aws_iam_policy_document.gha_assume_role.json","data.aws_iam_policy_document.gha_assume_role"]},"name":{"references":["var.project_name"]}},"schema_version":0},{"address":"aws_iam_role.gha_deploy_prod","mode":"managed","type":"aws_iam_role","name":"gha_deploy_prod","provider_config_key":"aws","expressions":{"assume_role_policy":{"references":["data.aws_iam_policy_document.gha_assume_role.json","data.aws_iam_policy_document.gha_assume_role"]},"name":{"references":["var.project_name"]}},"schema_version":0},{"address":"aws_iam_role_policy_attachment.dev","mode":"managed","type":"aws_iam_role_policy_attachment","name":"dev","provider_config_key":"aws","expressions":{"policy_arn":{"references":["aws_iam_policy.gha_deploy_dev.arn","aws_iam_policy.gha_deploy_dev"]},"role":{"references":["aws_iam_role.gha_deploy_dev.name","aws_iam_role.gha_deploy_dev"]}},"schema_version":0},{"address":"aws_iam_role_policy_attachment.integration","mode":"managed","type":"aws_iam_role_policy_attachment","name":"integration","provider_config_key":"aws","expressions":{"policy_arn":{"references":["aws_iam_policy.gha_deploy_integration.arn","aws_iam_policy.gha_deploy_integration"]},"role":{"references":["aws_iam_role.gha_deploy_integration.name","aws_iam_role.gha_deploy_integration"]}},"schema_version":0},{"address":"aws_iam_role_policy_attachment.prod","mode":"managed","type":"aws_iam_role_policy_attachment","name":"prod","provider_config_key":"aws","expressions":{"policy_arn":{"references":["aws_iam_policy.gha_deploy_prod.arn","aws_iam_policy.gha_deploy_prod"]},"role":{"references":["aws_iam_role.gha_deploy_prod.name","aws_iam_role.gha_deploy_prod"]}},"schema_version":0},{"address":"aws_s3_bucket.artifacts","mode":"managed","type":"aws_s3_bucket","name":"artifacts","provider_config_key":"aws","expressions":{"bucket":{"references":["var.artifact_bucket_name"]}},"schema_version":0},{"address":"aws_s3_bucket.site","mode":"managed","type":"aws_s3_bucket","name":"site","provider_config_key":"aws","expressions":{"bucket":{"references":["each.value"]}},"schema_version":0,"for_each_expression":{"references":["local.site_buckets"]}},{"address":"aws_s3_bucket_lifecycle_configuration.artifacts","mode":"managed","type":"aws_s3_bucket_lifecycle_configuration","name":"artifacts","provider_config_key":"aws","expressions":{"bucket":{"references":["aws_s3_bucket.artifacts.id","aws_s3_bucket.artifacts"]},"rule":[{"expiration":[{"days":{"constant_value":30}}],"filter":[{"prefix":{"constant_value":""}}],"id":{"constant_value":"expire-old-artifacts"},"noncurrent_version_expiration":[{"noncurrent_days":{"constant_value":30}}],"status":{"constant_value":"Enabled"}}]},"schema_version":1},{"address":"aws_s3_bucket_ownership_controls.artifacts","mode":"managed","type":"aws_s3_bucket_ownership_controls","name":"artifacts","provider_config_key":"aws","expressions":{"bucket":{"references":["aws_s3_bucket.artifacts.id","aws_s3_bucket.artifacts"]},"rule":[{"object_ownership":{"constant_value":"BucketOwnerEnforced"}}]},"schema_version":0},{"address":"aws_s3_bucket_ownership_controls.site","mode":"managed","type":"aws_s3_bucket_ownership_controls","name":"site","provider_config_key":"aws","expressions":{"bucket":{"references":["each.value.id","each.value"]},"rule":[{"object_ownership":{"constant_value":"BucketOwnerEnforced"}}]},"schema_version":0,"for_each_expression":{"references":["aws_s3_bucket.site"]}},{"address":"aws_s3_bucket_policy.site","mode":"managed","type":"aws_s3_bucket_policy","name":"site","provider_config_key":"aws","expressions":{"bucket":{"references":["each.value.id","each.value"]},"policy":{"references":["data.aws_iam_policy_document.site_bucket_policy","each.key"]}},"schema_version":0,"for_each_expression":{"references":["aws_s3_bucket.site"]},"depends_on":["aws_s3_bucket_public_access_block.site"]},{"address":"aws_s3_bucket_public_access_block.artifacts","mode":"managed","type":"aws_s3_bucket_public_access_block","name":"artifacts","provider_config_key":"aws","expressions":{"block_public_acls":{"constant_value":true},"block_public_policy":{"constant_value":true},"bucket":{"references":["aws_s3_bucket.artifacts.id","aws_s3_bucket.artifacts"]},"ignore_public_acls":{"constant_value":true},"restrict_public_buckets":{"constant_value":true}},"schema_version":0},{"address":"aws_s3_bucket_public_access_block.site","mode":"managed","type":"aws_s3_bucket_public_access_block","name":"site","provider_config_key":"aws","expressions":{"block_public_acls":{"constant_value":false},"block_public_policy":{"constant_value":false},"bucket":{"references":["each.value.id","each.value"]},"ignore_public_acls":{"constant_value":false},"restrict_public_buckets":{"constant_value":false}},"schema_version":0,"for_each_expression":{"references":["aws_s3_bucket.site"]}},{"address":"aws_s3_bucket_server_side_encryption_configuration.artifacts","mode":"managed","type":"aws_s3_bucket_server_side_encryption_configuration","name":"artifacts","provider_config_key":"aws","expressions":{"bucket":{"references":["aws_s3_bucket.artifacts.id","aws_s3_bucket.artifacts"]},"rule":[{"apply_server_side_encryption_by_default":[{"sse_algorithm":{"constant_value":"AES256"}}]}]},"schema_version":0},{"address":"aws_s3_bucket_server_side_encryption_configuration.site","mode":"managed","type":"aws_s3_bucket_server_side_encryption_configuration","name":"site","provider_config_key":"aws","expressions":{"bucket":{"references":["each.value.id","each.value"]},"rule":[{"apply_server_side_encryption_by_default":[{"sse_algorithm":{"constant_value":"AES256"}}]}]},"schema_version":0,"for_each_expression":{"references":["aws_s3_bucket.site"]}},{"address":"aws_s3_bucket_versioning.artifacts","mode":"managed","type":"aws_s3_bucket_versioning","name":"artifacts","provider_config_key":"aws","expressions":{"bucket":{"references":["aws_s3_bucket.artifacts.id","aws_s3_bucket.artifacts"]},"versioning_configuration":[{"status":{"constant_value":"Enabled"}}]},"schema_version":0},{"address":"aws_s3_bucket_versioning.site","mode":"managed","type":"aws_s3_bucket_versioning","name":"site","provider_config_key":"aws","expressions":{"bucket":{"references":["each.value.id","each.value"]},"versioning_configuration":[{"status":{"constant_value":"Enabled"}}]},"schema_version":0,"for_each_expression":{"references":["aws_s3_bucket.site"]}},{"address":"aws_s3_bucket_website_configuration.site","mode":"managed","type":"aws_s3_bucket_website_configuration","name":"site","provider_config_key":"aws","expressions":{"bucket":{"references":["each.value.id","each.value"]},"error_document":[{"key":{"constant_value":"404.html"}}],"index_document":[{"suffix":{"constant_value":"index.html"}}]},"schema_version":0,"for_each_expression":{"references":["aws_s3_bucket.site"]}},{"address":"data.aws_iam_policy_document.gha_assume_role","mode":"data","type":"aws_iam_policy_document","name":"gha_assume_role","provider_config_key":"aws","expressions":{"statement":[{"actions":{"constant_value":["sts:AssumeRoleWithWebIdentity"]},"condition":[{"test":{"constant_value":"StringEquals"},"values":{"constant_value":["sts.amazonaws.com"]},"variable":{"constant_value":"token.actions.githubusercontent.com:aud"}},{"test":{"constant_value":"StringLike"},"values":{"references":["local.github_sub_repo"]},"variable":{"constant_value":"token.actions.githubusercontent.com:sub"}}],"effect":{"constant_value":"Allow"},"principals":[{"identifiers":{"references":["aws_iam_openid_connect_provider.github.arn","aws_iam_openid_connect_provider.github"]},"type":{"constant_value":"Federated"}}]}]},"schema_version":0},{"address":"data.aws_iam_policy_document.gha_s3_deploy_dev","mode":"data","type":"aws_iam_policy_document","name":"gha_s3_deploy_dev","provider_config_key":"aws","expressions":{"statement":[{"actions":{"constant_value":["s3:ListBucket","s3:GetBucketLocation"]},"effect":{"constant_value":"Allow"},"resources":{"references":["aws_s3_bucket.site","local.dev_bucket"]},"sid":{"constant_value":"ListBucket"}},{"actions":{"constant_value":["s3:GetObject","s3:PutObject","s3:DeleteObject","s3:PutObjectAcl"]},"effect":{"constant_value":"Allow"},"resources":{"references":["aws_s3_bucket.site","local.dev_bucket"]},"sid":{"constant_value":"ObjectRW"}},{"actions":{"constant_value":["s3:ListBucket","s3:GetBucketLocation"]},"effect":{"constant_value":"Allow"},"resources":{"references":["aws_s3_bucket.artifacts.arn","aws_s3_bucket.artifacts"]},"sid":{"constant_value":"ArtifactsRW"}},{"actions":{"constant_value":["s3:GetObject","s3:PutObject","s3:DeleteObject"]},"effect":{"constant_value":"Allow"},"resources":{"references":["aws_s3_bucket.artifacts.arn","aws_s3_bucket.artifacts"]},"sid":{"constant_value":"ArtifactsObjectRW"}}]},"schema_version":0},{"address":"data.aws_iam_policy_document.gha_s3_deploy_integration","mode":"data","type":"aws_iam_policy_document","name":"gha_s3_deploy_integration","provider_config_key":"aws","expressions":{"statement":[{"actions":{"constant_value":["s3:ListAllMyBuckets"]},"effect":{"constant_value":"Allow"},"resources":{"constant_value":["*"]},"sid":{"constant_value":"ListBuckets"}},{"actions":{"constant_value":["s3:CreateBucket","s3:DeleteBucket","s3:PutBucketPolicy","s3:DeleteBucketPolicy","s3:PutBucketWebsite","s3:DeleteBucketWebsite","s3:PutBucketPublicAccessBlock","s3:PutBucketOwnershipControls","s3:PutEncryptionConfiguration","s3:PutBucketVersioning","s3:GetBucketLocation","s3:ListBucket"]},"effect":{"constant_value":"Allow"},"resources":{"references":["var.pr_prefix"]},"sid":{"constant_value":"ManagePrBuckets"}},{"actions":{"constant_value":["s3:GetObject","s3:PutObject","s3:DeleteObject","s3:PutObjectAcl"]},"effect":{"constant_value":"Allow"},"resources":{"references":["var.pr_prefix"]},"sid":{"constant_value":"PrBucketObjects"}},{"actions":{"constant_value":["s3:ListBucket","s3:GetBucketLocation"]},"effect":{"constant_value":"Allow"},"resources":{"references":["aws_s3_bucket.artifacts.arn","aws_s3_bucket.artifacts"]},"sid":{"constant_value":"ArtifactsRW"}},{"actions":{"constant_value":["s3:GetObject","s3:PutObject","s3:DeleteObject"]},"effect":{"constant_value":"Allow"},"resources":{"references":["aws_s3_bucket.artifacts.arn","aws_s3_bucket.artifacts"]},"sid":{"constant_value":"ArtifactsObjectRW"}}]},"schema_version":0},{"address":"data.aws_iam_policy_document.gha_s3_deploy_prod","mode":"data","type":"aws_iam_policy_document","name":"gha_s3_deploy_prod","provider_config_key":"aws","expressions":{"statement":[{"actions":{"constant_value":["s3:ListBucket","s3:GetBucketLocation"]},"effect":{"constant_value":"Allow"},"resources":{"references":["aws_s3_bucket.site","local.prod_bucket"]},"sid":{"constant_value":"ListBucket"}},{"actions":{"constant_value":["s3:GetObject","s3:PutObject","s3:DeleteObject","s3:PutObjectAcl"]},"effect":{"constant_value":"Allow"},"resources":{"references":["aws_s3_bucket.site","local.prod_bucket"]},"sid":{"constant_value":"ObjectRW"}},{"actions":{"constant_value":["s3:ListBucket","s3:GetBucketLocation"]},"effect":{"constant_value":"Allow"},"resources":{"references":["aws_s3_bucket.artifacts.arn","aws_s3_bucket.artifacts"]},"sid":{"constant_value":"ArtifactsRW"}},{"actions":{"constant_value":["s3:GetObject","s3:PutObject","s3:DeleteObject"]},"effect":{"constant_value":"Allow"},"resources":{"references":["aws_s3_bucket.artifacts.arn","aws_s3_bucket.artifacts"]},"sid":{"constant_value":"ArtifactsObjectRW"}}]},"schema_version":0},{"address":"data.aws_iam_policy_document.site_bucket_policy","mode":"data","type":"aws_iam_policy_document","name":"site_bucket_policy","provider_config_key":"aws","expressions":{"statement":[{"actions":{"constant_value":["s3:GetObject"]},"effect":{"constant_value":"Allow"},"principals":[{"identifiers":{"constant_value":["*"]},"type":{"constant_value":"*"}}],"resources":{"references":["each.value.arn","each.value"]},"sid":{"constant_value":"PublicReadForGetBucketObjects"}},{"actions":{"constant_value":["s3:PutObject"]},"condition":[{"test":{"constant_value":"StringNotEquals"},"values":{"constant_value":["AES256"]},"variable":{"constant_value":"s3:x-amz-server-side-encryption"}}],"effect":{"constant_value":"Deny"},"principals":[{"identifiers":{"constant_value":["*"]},"type":{"constant_value":"*"}}],"resources":{"references":["each.value.arn","each.value"]},"sid":{"constant_value":"DenyIncorrectEncryptionHeader"}},{"actions":{"constant_value":["s3:PutObject"]},"condition":[{"test":{"constant_value":"Null"},"values":{"constant_value":["true"]},"variable":{"constant_value":"s3:x-amz-server-side-encryption"}}],"effect":{"constant_value":"Deny"},"principals":[{"identifiers":{"constant_value":["*"]},"type":{"constant_value":"*"}}],"resources":{"references":["each.value.arn","each.value"]},"sid":{"constant_value":"DenyUnEncryptedObjectUploads"}}]},"schema_version":0,"for_each_expression":{"references":["aws_s3_bucket.site"]}}],"variables":{"artifact_bucket_name":{"default":"factually-settled-boxer-artifacts","description":"S3 bucket used to store MkDocs build archives (referenced by Makefile/workflows)."},"dev_site_bucket_name":{"default":"factually-settled-boxer-development","description":"S3 bucket name for the development static website (S3 website hosting endpoint)."},"enable_pr_buckets":{"default":false,"description":"Whether to create a limited number of PR buckets (for demo). If false, only dev/prod buckets are created."},"github_oidc_provider_url":{"default":"https://token.actions.githubusercontent.com","description":"GitHub Actions OIDC provider URL."},"github_oidc_thumbprints":{"default":["6938fd4d98bab03faadb97b34396831e3780aea1"],"description":"Thumbprints for the GitHub OIDC provider. GitHub currently uses a well-known root CA; keep configurable."},"github_org":{"default":"ntno","description":"GitHub organization/user that owns the repository. Used in OIDC trust policy."},"github_repo":{"default":"mkdocs-demo","description":"GitHub repository name. Used in OIDC trust policy."},"pr_bucket_count":{"default":0,"description":"How many PR buckets to create when enable_pr_buckets=true."},"pr_prefix":{"default":"ntno-mkdocs-demo-ci-pr-","description":"Prefix for per-PR temporary website buckets."},"prod_site_bucket_name":{"default":"factually-settled-boxer","description":"S3 bucket name for the production static website (S3 website hosting endpoint)."},"project_name":{"default":"mkdocs-demo","description":"Project/name prefix used for tagging and resource naming."},"region":{"default":"us-east-1","description":"AWS region to deploy into."},"tags":{"default":{"ManagedBy":"Terraform","Project":"mkdocs-demo"},"description":"Tags applied to all resources via provider default_tags."}}}},"relevant_attributes":[{"resource":"data.aws_iam_policy_document.gha_s3_deploy_integration","attribute":["json"]},{"resource":"aws_s3_bucket.artifacts","attribute":["id"]},{"resource":"data.aws_iam_policy_document.site_bucket_policy","attribute":[]},{"resource":"aws_iam_policy.gha_deploy_dev","attribute":["arn"]},{"resource":"data.aws_iam_policy_document.gha_assume_role","attribute":["json"]},{"resource":"aws_iam_role.gha_deploy_prod","attribute":["arn"]},{"resource":"aws_iam_role.gha_deploy_dev","attribute":["name"]},{"resource":"aws_s3_bucket.artifacts","attribute":["arn"]},{"resource":"data.aws_iam_policy_document.gha_s3_deploy_dev","attribute":["json"]},{"resource":"data.aws_iam_policy_document.gha_s3_deploy_prod","attribute":["json"]},{"resource":"aws_iam_role.gha_deploy_integration","attribute":["arn"]},{"resource":"aws_iam_policy.gha_deploy_integration","attribute":["arn"]},{"resource":"aws_iam_role.gha_deploy_dev","attribute":["arn"]},{"resource":"aws_iam_openid_connect_provider.github","attribute":["arn"]},{"resource":"aws_s3_bucket_website_configuration.site","attribute":[]},{"resource":"aws_iam_policy.gha_deploy_prod","attribute":["arn"]},{"resource":"aws_s3_bucket.site","attribute":[]},{"resource":"aws_iam_role.gha_deploy_integration","attribute":["name"]},{"resource":"aws_iam_role.gha_deploy_prod","attribute":["name"]}],"timestamp":"2026-01-26T22:46:26Z","applyable":true,"complete":true,"errored":false}
