
Terraform used the selected providers to generate the following execution
plan. Resource actions are indicated with the following symbols:
  + create
 <= read (data resources)

Terraform will perform the following actions:

  # data.aws_iam_policy_document.gha_assume_role will be read during apply
  # (config refers to values not yet known)
 <= data "aws_iam_policy_document" "gha_assume_role" {
      + id            = (known after apply)
      + json          = (known after apply)
      + minified_json = (known after apply)

      + statement {
          + actions = [
              + "sts:AssumeRoleWithWebIdentity",
            ]
          + effect  = "Allow"

          + condition {
              + test     = "StringEquals"
              + values   = [
                  + "sts.amazonaws.com",
                ]
              + variable = "token.actions.githubusercontent.com:aud"
            }
          + condition {
              + test     = "StringLike"
              + values   = [
                  + "repo:ntno/mkdocs-demo:*",
                ]
              + variable = "token.actions.githubusercontent.com:sub"
            }

          + principals {
              + identifiers = [
                  + (known after apply),
                ]
              + type        = "Federated"
            }
        }
    }

  # data.aws_iam_policy_document.gha_s3_deploy_dev will be read during apply
  # (config refers to values not yet known)
 <= data "aws_iam_policy_document" "gha_s3_deploy_dev" {
      + id            = (known after apply)
      + json          = (known after apply)
      + minified_json = (known after apply)

      + statement {
          + actions   = [
              + "s3:GetBucketLocation",
              + "s3:ListBucket",
            ]
          + effect    = "Allow"
          + resources = [
              + (known after apply),
            ]
          + sid       = "ListBucket"
        }
      + statement {
          + actions   = [
              + "s3:DeleteObject",
              + "s3:GetObject",
              + "s3:PutObject",
              + "s3:PutObjectAcl",
            ]
          + effect    = "Allow"
          + resources = [
              + (known after apply),
            ]
          + sid       = "ObjectRW"
        }
      + statement {
          + actions   = [
              + "s3:GetBucketLocation",
              + "s3:ListBucket",
            ]
          + effect    = "Allow"
          + resources = [
              + (known after apply),
            ]
          + sid       = "ArtifactsRW"
        }
      + statement {
          + actions   = [
              + "s3:DeleteObject",
              + "s3:GetObject",
              + "s3:PutObject",
            ]
          + effect    = "Allow"
          + resources = [
              + (known after apply),
            ]
          + sid       = "ArtifactsObjectRW"
        }
    }

  # data.aws_iam_policy_document.gha_s3_deploy_integration will be read during apply
  # (config refers to values not yet known)
 <= data "aws_iam_policy_document" "gha_s3_deploy_integration" {
      + id            = (known after apply)
      + json          = (known after apply)
      + minified_json = (known after apply)

      + statement {
          + actions   = [
              + "s3:ListAllMyBuckets",
            ]
          + effect    = "Allow"
          + resources = [
              + "*",
            ]
          + sid       = "ListBuckets"
        }
      + statement {
          + actions   = [
              + "s3:CreateBucket",
              + "s3:DeleteBucket",
              + "s3:DeleteBucketPolicy",
              + "s3:DeleteBucketWebsite",
              + "s3:GetBucketLocation",
              + "s3:ListBucket",
              + "s3:PutBucketOwnershipControls",
              + "s3:PutBucketPolicy",
              + "s3:PutBucketPublicAccessBlock",
              + "s3:PutBucketVersioning",
              + "s3:PutBucketWebsite",
              + "s3:PutEncryptionConfiguration",
            ]
          + effect    = "Allow"
          + resources = [
              + "arn:aws:s3:::ntno-mkdocs-demo-ci-pr-*",
            ]
          + sid       = "ManagePrBuckets"
        }
      + statement {
          + actions   = [
              + "s3:DeleteObject",
              + "s3:GetObject",
              + "s3:PutObject",
              + "s3:PutObjectAcl",
            ]
          + effect    = "Allow"
          + resources = [
              + "arn:aws:s3:::ntno-mkdocs-demo-ci-pr-*/*",
            ]
          + sid       = "PrBucketObjects"
        }
      + statement {
          + actions   = [
              + "s3:GetBucketLocation",
              + "s3:ListBucket",
            ]
          + effect    = "Allow"
          + resources = [
              + (known after apply),
            ]
          + sid       = "ArtifactsRW"
        }
      + statement {
          + actions   = [
              + "s3:DeleteObject",
              + "s3:GetObject",
              + "s3:PutObject",
            ]
          + effect    = "Allow"
          + resources = [
              + (known after apply),
            ]
          + sid       = "ArtifactsObjectRW"
        }
    }

  # data.aws_iam_policy_document.gha_s3_deploy_prod will be read during apply
  # (config refers to values not yet known)
 <= data "aws_iam_policy_document" "gha_s3_deploy_prod" {
      + id            = (known after apply)
      + json          = (known after apply)
      + minified_json = (known after apply)

      + statement {
          + actions   = [
              + "s3:GetBucketLocation",
              + "s3:ListBucket",
            ]
          + effect    = "Allow"
          + resources = [
              + (known after apply),
            ]
          + sid       = "ListBucket"
        }
      + statement {
          + actions   = [
              + "s3:DeleteObject",
              + "s3:GetObject",
              + "s3:PutObject",
              + "s3:PutObjectAcl",
            ]
          + effect    = "Allow"
          + resources = [
              + (known after apply),
            ]
          + sid       = "ObjectRW"
        }
      + statement {
          + actions   = [
              + "s3:GetBucketLocation",
              + "s3:ListBucket",
            ]
          + effect    = "Allow"
          + resources = [
              + (known after apply),
            ]
          + sid       = "ArtifactsRW"
        }
      + statement {
          + actions   = [
              + "s3:DeleteObject",
              + "s3:GetObject",
              + "s3:PutObject",
            ]
          + effect    = "Allow"
          + resources = [
              + (known after apply),
            ]
          + sid       = "ArtifactsObjectRW"
        }
    }

  # data.aws_iam_policy_document.site_bucket_policy["factually-settled-boxer"] will be read during apply
  # (config refers to values not yet known)
 <= data "aws_iam_policy_document" "site_bucket_policy" {
      + id            = (known after apply)
      + json          = (known after apply)
      + minified_json = (known after apply)

      + statement {
          + actions   = [
              + "s3:GetObject",
            ]
          + effect    = "Allow"
          + resources = [
              + (known after apply),
            ]
          + sid       = "PublicReadForGetBucketObjects"

          + principals {
              + identifiers = [
                  + "*",
                ]
              + type        = "*"
            }
        }
      + statement {
          + actions   = [
              + "s3:PutObject",
            ]
          + effect    = "Deny"
          + resources = [
              + (known after apply),
            ]
          + sid       = "DenyIncorrectEncryptionHeader"

          + condition {
              + test     = "StringNotEquals"
              + values   = [
                  + "AES256",
                ]
              + variable = "s3:x-amz-server-side-encryption"
            }

          + principals {
              + identifiers = [
                  + "*",
                ]
              + type        = "*"
            }
        }
      + statement {
          + actions   = [
              + "s3:PutObject",
            ]
          + effect    = "Deny"
          + resources = [
              + (known after apply),
            ]
          + sid       = "DenyUnEncryptedObjectUploads"

          + condition {
              + test     = "Null"
              + values   = [
                  + "true",
                ]
              + variable = "s3:x-amz-server-side-encryption"
            }

          + principals {
              + identifiers = [
                  + "*",
                ]
              + type        = "*"
            }
        }
    }

  # data.aws_iam_policy_document.site_bucket_policy["factually-settled-boxer-development"] will be read during apply
  # (config refers to values not yet known)
 <= data "aws_iam_policy_document" "site_bucket_policy" {
      + id            = (known after apply)
      + json          = (known after apply)
      + minified_json = (known after apply)

      + statement {
          + actions   = [
              + "s3:GetObject",
            ]
          + effect    = "Allow"
          + resources = [
              + (known after apply),
            ]
          + sid       = "PublicReadForGetBucketObjects"

          + principals {
              + identifiers = [
                  + "*",
                ]
              + type        = "*"
            }
        }
      + statement {
          + actions   = [
              + "s3:PutObject",
            ]
          + effect    = "Deny"
          + resources = [
              + (known after apply),
            ]
          + sid       = "DenyIncorrectEncryptionHeader"

          + condition {
              + test     = "StringNotEquals"
              + values   = [
                  + "AES256",
                ]
              + variable = "s3:x-amz-server-side-encryption"
            }

          + principals {
              + identifiers = [
                  + "*",
                ]
              + type        = "*"
            }
        }
      + statement {
          + actions   = [
              + "s3:PutObject",
            ]
          + effect    = "Deny"
          + resources = [
              + (known after apply),
            ]
          + sid       = "DenyUnEncryptedObjectUploads"

          + condition {
              + test     = "Null"
              + values   = [
                  + "true",
                ]
              + variable = "s3:x-amz-server-side-encryption"
            }

          + principals {
              + identifiers = [
                  + "*",
                ]
              + type        = "*"
            }
        }
    }

  # aws_iam_openid_connect_provider.github will be created
  + resource "aws_iam_openid_connect_provider" "github" {
      + arn             = (known after apply)
      + client_id_list  = [
          + "sts.amazonaws.com",
        ]
      + id              = (known after apply)
      + tags_all        = {
          + "ManagedBy" = "Terraform"
          + "Project"   = "mkdocs-demo"
        }
      + thumbprint_list = [
          + "6938fd4d98bab03faadb97b34396831e3780aea1",
        ]
      + url             = "https://token.actions.githubusercontent.com"
    }

  # aws_iam_policy.gha_deploy_dev will be created
  + resource "aws_iam_policy" "gha_deploy_dev" {
      + arn              = (known after apply)
      + attachment_count = (known after apply)
      + id               = (known after apply)
      + name             = "mkdocs-demo-gha-deploy-dev"
      + name_prefix      = (known after apply)
      + path             = "/"
      + policy           = (known after apply)
      + policy_id        = (known after apply)
      + tags_all         = {
          + "ManagedBy" = "Terraform"
          + "Project"   = "mkdocs-demo"
        }
    }

  # aws_iam_policy.gha_deploy_integration will be created
  + resource "aws_iam_policy" "gha_deploy_integration" {
      + arn              = (known after apply)
      + attachment_count = (known after apply)
      + id               = (known after apply)
      + name             = "mkdocs-demo-gha-deploy-integration"
      + name_prefix      = (known after apply)
      + path             = "/"
      + policy           = (known after apply)
      + policy_id        = (known after apply)
      + tags_all         = {
          + "ManagedBy" = "Terraform"
          + "Project"   = "mkdocs-demo"
        }
    }

  # aws_iam_policy.gha_deploy_prod will be created
  + resource "aws_iam_policy" "gha_deploy_prod" {
      + arn              = (known after apply)
      + attachment_count = (known after apply)
      + id               = (known after apply)
      + name             = "mkdocs-demo-gha-deploy-prod"
      + name_prefix      = (known after apply)
      + path             = "/"
      + policy           = (known after apply)
      + policy_id        = (known after apply)
      + tags_all         = {
          + "ManagedBy" = "Terraform"
          + "Project"   = "mkdocs-demo"
        }
    }

  # aws_iam_role.gha_deploy_dev will be created
  + resource "aws_iam_role" "gha_deploy_dev" {
      + arn                   = (known after apply)
      + assume_role_policy    = (known after apply)
      + create_date           = (known after apply)
      + force_detach_policies = false
      + id                    = (known after apply)
      + managed_policy_arns   = (known after apply)
      + max_session_duration  = 3600
      + name                  = "mkdocs-demo-gha-deploy-dev"
      + name_prefix           = (known after apply)
      + path                  = "/"
      + tags_all              = {
          + "ManagedBy" = "Terraform"
          + "Project"   = "mkdocs-demo"
        }
      + unique_id             = (known after apply)

      + inline_policy (known after apply)
    }

  # aws_iam_role.gha_deploy_integration will be created
  + resource "aws_iam_role" "gha_deploy_integration" {
      + arn                   = (known after apply)
      + assume_role_policy    = (known after apply)
      + create_date           = (known after apply)
      + force_detach_policies = false
      + id                    = (known after apply)
      + managed_policy_arns   = (known after apply)
      + max_session_duration  = 3600
      + name                  = "mkdocs-demo-gha-deploy-integration"
      + name_prefix           = (known after apply)
      + path                  = "/"
      + tags_all              = {
          + "ManagedBy" = "Terraform"
          + "Project"   = "mkdocs-demo"
        }
      + unique_id             = (known after apply)

      + inline_policy (known after apply)
    }

  # aws_iam_role.gha_deploy_prod will be created
  + resource "aws_iam_role" "gha_deploy_prod" {
      + arn                   = (known after apply)
      + assume_role_policy    = (known after apply)
      + create_date           = (known after apply)
      + force_detach_policies = false
      + id                    = (known after apply)
      + managed_policy_arns   = (known after apply)
      + max_session_duration  = 3600
      + name                  = "mkdocs-demo-gha-deploy-prod"
      + name_prefix           = (known after apply)
      + path                  = "/"
      + tags_all              = {
          + "ManagedBy" = "Terraform"
          + "Project"   = "mkdocs-demo"
        }
      + unique_id             = (known after apply)

      + inline_policy (known after apply)
    }

  # aws_iam_role_policy_attachment.dev will be created
  + resource "aws_iam_role_policy_attachment" "dev" {
      + id         = (known after apply)
      + policy_arn = (known after apply)
      + role       = "mkdocs-demo-gha-deploy-dev"
    }

  # aws_iam_role_policy_attachment.integration will be created
  + resource "aws_iam_role_policy_attachment" "integration" {
      + id         = (known after apply)
      + policy_arn = (known after apply)
      + role       = "mkdocs-demo-gha-deploy-integration"
    }

  # aws_iam_role_policy_attachment.prod will be created
  + resource "aws_iam_role_policy_attachment" "prod" {
      + id         = (known after apply)
      + policy_arn = (known after apply)
      + role       = "mkdocs-demo-gha-deploy-prod"
    }

  # aws_s3_bucket.artifacts will be created
  + resource "aws_s3_bucket" "artifacts" {
      + acceleration_status         = (known after apply)
      + acl                         = (known after apply)
      + arn                         = (known after apply)
      + bucket                      = "factually-settled-boxer-artifacts"
      + bucket_domain_name          = (known after apply)
      + bucket_prefix               = (known after apply)
      + bucket_regional_domain_name = (known after apply)
      + force_destroy               = false
      + hosted_zone_id              = (known after apply)
      + id                          = (known after apply)
      + object_lock_enabled         = (known after apply)
      + policy                      = (known after apply)
      + region                      = (known after apply)
      + request_payer               = (known after apply)
      + tags_all                    = {
          + "ManagedBy" = "Terraform"
          + "Project"   = "mkdocs-demo"
        }
      + website_domain              = (known after apply)
      + website_endpoint            = (known after apply)

      + cors_rule (known after apply)

      + grant (known after apply)

      + lifecycle_rule (known after apply)

      + logging (known after apply)

      + object_lock_configuration (known after apply)

      + replication_configuration (known after apply)

      + server_side_encryption_configuration (known after apply)

      + versioning (known after apply)

      + website (known after apply)
    }

  # aws_s3_bucket.site["factually-settled-boxer"] will be created
  + resource "aws_s3_bucket" "site" {
      + acceleration_status         = (known after apply)
      + acl                         = (known after apply)
      + arn                         = (known after apply)
      + bucket                      = "factually-settled-boxer"
      + bucket_domain_name          = (known after apply)
      + bucket_prefix               = (known after apply)
      + bucket_regional_domain_name = (known after apply)
      + force_destroy               = false
      + hosted_zone_id              = (known after apply)
      + id                          = (known after apply)
      + object_lock_enabled         = (known after apply)
      + policy                      = (known after apply)
      + region                      = (known after apply)
      + request_payer               = (known after apply)
      + tags_all                    = {
          + "ManagedBy" = "Terraform"
          + "Project"   = "mkdocs-demo"
        }
      + website_domain              = (known after apply)
      + website_endpoint            = (known after apply)

      + cors_rule (known after apply)

      + grant (known after apply)

      + lifecycle_rule (known after apply)

      + logging (known after apply)

      + object_lock_configuration (known after apply)

      + replication_configuration (known after apply)

      + server_side_encryption_configuration (known after apply)

      + versioning (known after apply)

      + website (known after apply)
    }

  # aws_s3_bucket.site["factually-settled-boxer-development"] will be created
  + resource "aws_s3_bucket" "site" {
      + acceleration_status         = (known after apply)
      + acl                         = (known after apply)
      + arn                         = (known after apply)
      + bucket                      = "factually-settled-boxer-development"
      + bucket_domain_name          = (known after apply)
      + bucket_prefix               = (known after apply)
      + bucket_regional_domain_name = (known after apply)
      + force_destroy               = false
      + hosted_zone_id              = (known after apply)
      + id                          = (known after apply)
      + object_lock_enabled         = (known after apply)
      + policy                      = (known after apply)
      + region                      = (known after apply)
      + request_payer               = (known after apply)
      + tags_all                    = {
          + "ManagedBy" = "Terraform"
          + "Project"   = "mkdocs-demo"
        }
      + website_domain              = (known after apply)
      + website_endpoint            = (known after apply)

      + cors_rule (known after apply)

      + grant (known after apply)

      + lifecycle_rule (known after apply)

      + logging (known after apply)

      + object_lock_configuration (known after apply)

      + replication_configuration (known after apply)

      + server_side_encryption_configuration (known after apply)

      + versioning (known after apply)

      + website (known after apply)
    }

  # aws_s3_bucket_lifecycle_configuration.artifacts will be created
  + resource "aws_s3_bucket_lifecycle_configuration" "artifacts" {
      + bucket                                 = (known after apply)
      + expected_bucket_owner                  = (known after apply)
      + id                                     = (known after apply)
      + transition_default_minimum_object_size = "all_storage_classes_128K"

      + rule {
          + id     = "expire-old-artifacts"
          + status = "Enabled"
            # (1 unchanged attribute hidden)

          + expiration {
              + days                         = 30
              + expired_object_delete_marker = false
            }

          + filter {
                # (1 unchanged attribute hidden)
            }

          + noncurrent_version_expiration {
              + noncurrent_days = 30
            }
        }
    }

  # aws_s3_bucket_ownership_controls.artifacts will be created
  + resource "aws_s3_bucket_ownership_controls" "artifacts" {
      + bucket = (known after apply)
      + id     = (known after apply)

      + rule {
          + object_ownership = "BucketOwnerEnforced"
        }
    }

  # aws_s3_bucket_ownership_controls.site["factually-settled-boxer"] will be created
  + resource "aws_s3_bucket_ownership_controls" "site" {
      + bucket = (known after apply)
      + id     = (known after apply)

      + rule {
          + object_ownership = "BucketOwnerEnforced"
        }
    }

  # aws_s3_bucket_ownership_controls.site["factually-settled-boxer-development"] will be created
  + resource "aws_s3_bucket_ownership_controls" "site" {
      + bucket = (known after apply)
      + id     = (known after apply)

      + rule {
          + object_ownership = "BucketOwnerEnforced"
        }
    }

  # aws_s3_bucket_policy.site["factually-settled-boxer"] will be created
  + resource "aws_s3_bucket_policy" "site" {
      + bucket = (known after apply)
      + id     = (known after apply)
      + policy = (known after apply)
    }

  # aws_s3_bucket_policy.site["factually-settled-boxer-development"] will be created
  + resource "aws_s3_bucket_policy" "site" {
      + bucket = (known after apply)
      + id     = (known after apply)
      + policy = (known after apply)
    }

  # aws_s3_bucket_public_access_block.artifacts will be created
  + resource "aws_s3_bucket_public_access_block" "artifacts" {
      + block_public_acls       = true
      + block_public_policy     = true
      + bucket                  = (known after apply)
      + id                      = (known after apply)
      + ignore_public_acls      = true
      + restrict_public_buckets = true
    }

  # aws_s3_bucket_public_access_block.site["factually-settled-boxer"] will be created
  + resource "aws_s3_bucket_public_access_block" "site" {
      + block_public_acls       = false
      + block_public_policy     = false
      + bucket                  = (known after apply)
      + id                      = (known after apply)
      + ignore_public_acls      = false
      + restrict_public_buckets = false
    }

  # aws_s3_bucket_public_access_block.site["factually-settled-boxer-development"] will be created
  + resource "aws_s3_bucket_public_access_block" "site" {
      + block_public_acls       = false
      + block_public_policy     = false
      + bucket                  = (known after apply)
      + id                      = (known after apply)
      + ignore_public_acls      = false
      + restrict_public_buckets = false
    }

  # aws_s3_bucket_server_side_encryption_configuration.artifacts will be created
  + resource "aws_s3_bucket_server_side_encryption_configuration" "artifacts" {
      + bucket = (known after apply)
      + id     = (known after apply)

      + rule {
          + apply_server_side_encryption_by_default {
              + sse_algorithm     = "AES256"
                # (1 unchanged attribute hidden)
            }
        }
    }

  # aws_s3_bucket_server_side_encryption_configuration.site["factually-settled-boxer"] will be created
  + resource "aws_s3_bucket_server_side_encryption_configuration" "site" {
      + bucket = (known after apply)
      + id     = (known after apply)

      + rule {
          + apply_server_side_encryption_by_default {
              + sse_algorithm     = "AES256"
                # (1 unchanged attribute hidden)
            }
        }
    }

  # aws_s3_bucket_server_side_encryption_configuration.site["factually-settled-boxer-development"] will be created
  + resource "aws_s3_bucket_server_side_encryption_configuration" "site" {
      + bucket = (known after apply)
      + id     = (known after apply)

      + rule {
          + apply_server_side_encryption_by_default {
              + sse_algorithm     = "AES256"
                # (1 unchanged attribute hidden)
            }
        }
    }

  # aws_s3_bucket_versioning.artifacts will be created
  + resource "aws_s3_bucket_versioning" "artifacts" {
      + bucket = (known after apply)
      + id     = (known after apply)

      + versioning_configuration {
          + mfa_delete = (known after apply)
          + status     = "Enabled"
        }
    }

  # aws_s3_bucket_versioning.site["factually-settled-boxer"] will be created
  + resource "aws_s3_bucket_versioning" "site" {
      + bucket = (known after apply)
      + id     = (known after apply)

      + versioning_configuration {
          + mfa_delete = (known after apply)
          + status     = "Enabled"
        }
    }

  # aws_s3_bucket_versioning.site["factually-settled-boxer-development"] will be created
  + resource "aws_s3_bucket_versioning" "site" {
      + bucket = (known after apply)
      + id     = (known after apply)

      + versioning_configuration {
          + mfa_delete = (known after apply)
          + status     = "Enabled"
        }
    }

  # aws_s3_bucket_website_configuration.site["factually-settled-boxer"] will be created
  + resource "aws_s3_bucket_website_configuration" "site" {
      + bucket           = (known after apply)
      + id               = (known after apply)
      + routing_rules    = (known after apply)
      + website_domain   = (known after apply)
      + website_endpoint = (known after apply)

      + error_document {
          + key = "404.html"
        }

      + index_document {
          + suffix = "index.html"
        }

      + routing_rule (known after apply)
    }

  # aws_s3_bucket_website_configuration.site["factually-settled-boxer-development"] will be created
  + resource "aws_s3_bucket_website_configuration" "site" {
      + bucket           = (known after apply)
      + id               = (known after apply)
      + routing_rules    = (known after apply)
      + website_domain   = (known after apply)
      + website_endpoint = (known after apply)

      + error_document {
          + key = "404.html"
        }

      + index_document {
          + suffix = "index.html"
        }

      + routing_rule (known after apply)
    }

Plan: 30 to add, 0 to change, 0 to destroy.

Changes to Outputs:
  + artifact_bucket_name     = "factually-settled-boxer-artifacts"
  + dev_site_bucket_name     = "factually-settled-boxer-development"
  + dev_website_endpoint     = (known after apply)
  + development_iam_role_arn = (known after apply)
  + integration_iam_role_arn = (known after apply)
  + prod_site_bucket_name    = "factually-settled-boxer"
  + prod_website_endpoint    = (known after apply)
  + production_iam_role_arn  = (known after apply)
