{"format_version":"1.2","terraform_version":"1.13.5","variables":{"app_name":{"value":"python-webapp"},"assign_public_ip":{"value":true},"aws_region":{"value":"us-east-1"},"container_image":{"value":"xmaeltht/python-webapp:latest"},"container_port":{"value":8080},"cpu":{"value":256},"desired_count":{"value":1},"memory":{"value":512}},"planned_values":{"outputs":{"default_vpc_id":{"sensitive":false,"type":"string","value":"vpc-55cfea9f47c0cb232"},"ecs_cluster_name":{"sensitive":false,"type":"string","value":"python-webapp-cluster"},"ecs_service_name":{"sensitive":false,"type":"string","value":"python-webapp-svc"},"task_security_group_id":{"sensitive":false}},"root_module":{"resources":[{"address":"aws_cloudwatch_log_group.this","mode":"managed","type":"aws_cloudwatch_log_group","name":"this","provider_name":"registry.terraform.io/hashicorp/aws","schema_version":0,"values":{"kms_key_id":null,"name":"/ecs/python-webapp","region":"us-east-1","retention_in_days":7,"skip_destroy":false,"tags":null,"tags_all":{"Managed":"terraform","Project":"python-webapp"}},"sensitive_values":{"tags_all":{}},"identity_schema_version":0,"identity":{"account_id":null,"name":null,"region":null}},{"address":"aws_ecs_cluster.this","mode":"managed","type":"aws_ecs_cluster","name":"this","provider_name":"registry.terraform.io/hashicorp/aws","schema_version":0,"values":{"configuration":[],"name":"python-webapp-cluster","region":"us-east-1","service_connect_defaults":[],"tags":null,"tags_all":{"Managed":"terraform","Project":"python-webapp"}},"sensitive_values":{"configuration":[],"service_connect_defaults":[],"setting":[],"tags_all":{}}},{"address":"aws_ecs_service.this","mode":"managed","type":"aws_ecs_service","name":"this","provider_name":"registry.terraform.io/hashicorp/aws","schema_version":1,"values":{"alarms":[],"capacity_provider_strategy":[],"deployment_circuit_breaker":[],"deployment_controller":[],"deployment_maximum_percent":200,"deployment_minimum_healthy_percent":100,"desired_count":1,"enable_ecs_managed_tags":false,"enable_execute_command":false,"force_delete":null,"force_new_deployment":null,"health_check_grace_period_seconds":null,"launch_type":"FARGATE","load_balancer":[],"name":"python-webapp-svc","network_configuration":[{"assign_public_ip":true,"subnets":["subnet-54c7c01f70c25c7d1","subnet-ce02ecdf94a2544dc","subnet-cf24af3e3a750eb58","subnet-d72c1a6760171ae30","subnet-f33bc1b5de324d795","subnet-fd04666bf55b6a99a"]}],"ordered_placement_strategy":[],"placement_constraints":[],"propagate_tags":null,"region":"us-east-1","scheduling_strategy":"REPLICA","service_connect_configuration":[],"service_registries":[],"sigint_rollback":null,"tags":null,"tags_all":{"Managed":"terraform","Project":"python-webapp"},"timeouts":null,"volume_configuration":[],"vpc_lattice_configurations":[],"wait_for_steady_state":false},"sensitive_values":{"alarms":[],"capacity_provider_strategy":[],"deployment_circuit_breaker":[],"deployment_configuration":[],"deployment_controller":[],"load_balancer":[],"network_configuration":[{"security_groups":[],"subnets":[false,false,false,false,false,false]}],"ordered_placement_strategy":[],"placement_constraints":[],"service_connect_configuration":[],"service_registries":[],"tags_all":{},"triggers":{},"volume_configuration":[],"vpc_lattice_configurations":[]}},{"address":"aws_ecs_task_definition.this","mode":"managed","type":"aws_ecs_task_definition","name":"this","provider_name":"registry.terraform.io/hashicorp/aws","schema_version":1,"values":{"container_definitions":"[{\"essential\":true,\"image\":\"xmaeltht/python-webapp:latest\",\"logConfiguration\":{\"logDriver\":\"awslogs\",\"options\":{\"awslogs-group\":\"/ecs/python-webapp\",\"awslogs-region\":\"us-east-1\",\"awslogs-stream-prefix\":\"ecs\"}},\"name\":\"python-webapp\",\"portMappings\":[{\"containerPort\":8080,\"hostPort\":8080,\"protocol\":\"tcp\"}]}]","cpu":"256","ephemeral_storage":[],"family":"python-webapp","ipc_mode":null,"memory":"512","network_mode":"awsvpc","pid_mode":null,"placement_constraints":[],"proxy_configuration":[],"region":"us-east-1","requires_compatibilities":["FARGATE"],"runtime_platform":[],"skip_destroy":false,"tags":null,"tags_all":{"Managed":"terraform","Project":"python-webapp"},"task_role_arn":null,"track_latest":false,"volume":[]},"sensitive_values":{"ephemeral_storage":[],"placement_constraints":[],"proxy_configuration":[],"requires_compatibilities":[false],"runtime_platform":[],"tags_all":{},"volume":[]}},{"address":"aws_iam_role.task_execution","mode":"managed","type":"aws_iam_role","name":"task_execution","provider_name":"registry.terraform.io/hashicorp/aws","schema_version":0,"values":{"assume_role_policy":"{\"Statement\":[{\"Action\":\"sts:AssumeRole\",\"Effect\":\"Allow\",\"Principal\":{\"Service\":\"ecs-tasks.amazonaws.com\"}}],\"Version\":\"2012-10-17\"}","description":null,"force_detach_policies":false,"max_session_duration":3600,"name":"python-webapp-task-exec","path":"/","permissions_boundary":null,"tags":null,"tags_all":{"Managed":"terraform","Project":"python-webapp"}},"sensitive_values":{"inline_policy":[],"managed_policy_arns":[],"tags_all":{}},"identity_schema_version":0,"identity":{"account_id":null,"name":null}},{"address":"aws_iam_role_policy_attachment.task_execution","mode":"managed","type":"aws_iam_role_policy_attachment","name":"task_execution","provider_name":"registry.terraform.io/hashicorp/aws","schema_version":0,"values":{"policy_arn":"arn:aws:iam::aws:policy/service-role/AmazonECSTaskExecutionRolePolicy","role":"python-webapp-task-exec"},"sensitive_values":{},"identity_schema_version":0,"identity":{"account_id":null,"policy_arn":null,"role":null}},{"address":"aws_security_group.task","mode":"managed","type":"aws_security_group","name":"task","provider_name":"registry.terraform.io/hashicorp/aws","schema_version":1,"values":{"description":"Allow inbound HTTP to the container","egress":[{"cidr_blocks":["0.0.0.0/0"],"description":"","from_port":0,"ipv6_cidr_blocks":[],"prefix_list_ids":[],"protocol":"-1","security_groups":[],"self":false,"to_port":0}],"ingress":[{"cidr_blocks":["0.0.0.0/0"],"description":"HTTP","from_port":8080,"ipv6_cidr_blocks":[],"prefix_list_ids":[],"protocol":"tcp","security_groups":[],"self":false,"to_port":8080}],"name":"python-webapp-task-sg","region":"us-east-1","revoke_rules_on_delete":false,"tags":null,"tags_all":{"Managed":"terraform","Project":"python-webapp"},"timeouts":null,"vpc_id":"vpc-55cfea9f47c0cb232"},"sensitive_values":{"egress":[{"cidr_blocks":[false],"ipv6_cidr_blocks":[],"prefix_list_ids":[],"security_groups":[]}],"ingress":[{"cidr_blocks":[false],"ipv6_cidr_blocks":[],"prefix_list_ids":[],"security_groups":[]}],"tags_all":{}},"identity_schema_version":0,"identity":{"account_id":null,"id":null,"region":null}}]}},"resource_changes":[{"address":"aws_cloudwatch_log_group.this","mode":"managed","type":"aws_cloudwatch_log_group","name":"this","provider_name":"registry.terraform.io/hashicorp/aws","change":{"actions":["create"],"before":null,"after":{"kms_key_id":null,"name":"/ecs/python-webapp","region":"us-east-1","retention_in_days":7,"skip_destroy":false,"tags":null,"tags_all":{"Managed":"terraform","Project":"python-webapp"}},"after_unknown":{"arn":true,"deletion_protection_enabled":true,"id":true,"log_group_class":true,"name_prefix":true,"tags_all":{}},"before_sensitive":false,"after_sensitive":{"tags_all":{}},"after_identity":{"account_id":null,"name":null,"region":null}}},{"address":"aws_ecs_cluster.this","mode":"managed","type":"aws_ecs_cluster","name":"this","provider_name":"registry.terraform.io/hashicorp/aws","change":{"actions":["create"],"before":null,"after":{"configuration":[],"name":"python-webapp-cluster","region":"us-east-1","service_connect_defaults":[],"tags":null,"tags_all":{"Managed":"terraform","Project":"python-webapp"}},"after_unknown":{"arn":true,"configuration":[],"id":true,"service_connect_defaults":[],"setting":true,"tags_all":{}},"before_sensitive":false,"after_sensitive":{"configuration":[],"service_connect_defaults":[],"setting":[],"tags_all":{}}}},{"address":"aws_ecs_service.this","mode":"managed","type":"aws_ecs_service","name":"this","provider_name":"registry.terraform.io/hashicorp/aws","change":{"actions":["create"],"before":null,"after":{"alarms":[],"capacity_provider_strategy":[],"deployment_circuit_breaker":[],"deployment_controller":[],"deployment_maximum_percent":200,"deployment_minimum_healthy_percent":100,"desired_count":1,"enable_ecs_managed_tags":false,"enable_execute_command":false,"force_delete":null,"force_new_deployment":null,"health_check_grace_period_seconds":null,"launch_type":"FARGATE","load_balancer":[],"name":"python-webapp-svc","network_configuration":[{"assign_public_ip":true,"subnets":["subnet-54c7c01f70c25c7d1","subnet-ce02ecdf94a2544dc","subnet-cf24af3e3a750eb58","subnet-d72c1a6760171ae30","subnet-f33bc1b5de324d795","subnet-fd04666bf55b6a99a"]}],"ordered_placement_strategy":[],"placement_constraints":[],"propagate_tags":null,"region":"us-east-1","scheduling_strategy":"REPLICA","service_connect_configuration":[],"service_registries":[],"sigint_rollback":null,"tags":null,"tags_all":{"Managed":"terraform","Project":"python-webapp"},"timeouts":null,"volume_configuration":[],"vpc_lattice_configurations":[],"wait_for_steady_state":false},"after_unknown":{"alarms":[],"arn":true,"availability_zone_rebalancing":true,"capacity_provider_strategy":[],"cluster":true,"deployment_circuit_breaker":[],"deployment_configuration":true,"deployment_controller":[],"iam_role":true,"id":true,"load_balancer":[],"network_configuration":[{"security_groups":true,"subnets":[false,false,false,false,false,false]}],"ordered_placement_strategy":[],"placement_constraints":[],"platform_version":true,"service_connect_configuration":[],"service_registries":[],"tags_all":{},"task_definition":true,"triggers":true,"volume_configuration":[],"vpc_lattice_configurations":[]},"before_sensitive":false,"after_sensitive":{"alarms":[],"capacity_provider_strategy":[],"deployment_circuit_breaker":[],"deployment_configuration":[],"deployment_controller":[],"load_balancer":[],"network_configuration":[{"security_groups":[],"subnets":[false,false,false,false,false,false]}],"ordered_placement_strategy":[],"placement_constraints":[],"service_connect_configuration":[],"service_registries":[],"tags_all":{},"triggers":{},"volume_configuration":[],"vpc_lattice_configurations":[]}}},{"address":"aws_ecs_task_definition.this","mode":"managed","type":"aws_ecs_task_definition","name":"this","provider_name":"registry.terraform.io/hashicorp/aws","change":{"actions":["create"],"before":null,"after":{"container_definitions":"[{\"essential\":true,\"image\":\"xmaeltht/python-webapp:latest\",\"logConfiguration\":{\"logDriver\":\"awslogs\",\"options\":{\"awslogs-group\":\"/ecs/python-webapp\",\"awslogs-region\":\"us-east-1\",\"awslogs-stream-prefix\":\"ecs\"}},\"name\":\"python-webapp\",\"portMappings\":[{\"containerPort\":8080,\"hostPort\":8080,\"protocol\":\"tcp\"}]}]","cpu":"256","ephemeral_storage":[],"family":"python-webapp","ipc_mode":null,"memory":"512","network_mode":"awsvpc","pid_mode":null,"placement_constraints":[],"proxy_configuration":[],"region":"us-east-1","requires_compatibilities":["FARGATE"],"runtime_platform":[],"skip_destroy":false,"tags":null,"tags_all":{"Managed":"terraform","Project":"python-webapp"},"task_role_arn":null,"track_latest":false,"volume":[]},"after_unknown":{"arn":true,"arn_without_revision":true,"enable_fault_injection":true,"ephemeral_storage":[],"execution_role_arn":true,"id":true,"placement_constraints":[],"proxy_configuration":[],"requires_compatibilities":[false],"revision":true,"runtime_platform":[],"tags_all":{},"volume":[]},"before_sensitive":false,"after_sensitive":{"ephemeral_storage":[],"placement_constraints":[],"proxy_configuration":[],"requires_compatibilities":[false],"runtime_platform":[],"tags_all":{},"volume":[]}}},{"address":"aws_iam_role.task_execution","mode":"managed","type":"aws_iam_role","name":"task_execution","provider_name":"registry.terraform.io/hashicorp/aws","change":{"actions":["create"],"before":null,"after":{"assume_role_policy":"{\"Statement\":[{\"Action\":\"sts:AssumeRole\",\"Effect\":\"Allow\",\"Principal\":{\"Service\":\"ecs-tasks.amazonaws.com\"}}],\"Version\":\"2012-10-17\"}","description":null,"force_detach_policies":false,"max_session_duration":3600,"name":"python-webapp-task-exec","path":"/","permissions_boundary":null,"tags":null,"tags_all":{"Managed":"terraform","Project":"python-webapp"}},"after_unknown":{"arn":true,"create_date":true,"id":true,"inline_policy":true,"managed_policy_arns":true,"name_prefix":true,"tags_all":{},"unique_id":true},"before_sensitive":false,"after_sensitive":{"inline_policy":[],"managed_policy_arns":[],"tags_all":{}},"after_identity":{"account_id":null,"name":null}}},{"address":"aws_iam_role_policy_attachment.task_execution","mode":"managed","type":"aws_iam_role_policy_attachment","name":"task_execution","provider_name":"registry.terraform.io/hashicorp/aws","change":{"actions":["create"],"before":null,"after":{"policy_arn":"arn:aws:iam::aws:policy/service-role/AmazonECSTaskExecutionRolePolicy","role":"python-webapp-task-exec"},"after_unknown":{"id":true},"before_sensitive":false,"after_sensitive":{},"after_identity":{"account_id":null,"policy_arn":null,"role":null}}},{"address":"aws_security_group.task","mode":"managed","type":"aws_security_group","name":"task","provider_name":"registry.terraform.io/hashicorp/aws","change":{"actions":["create"],"before":null,"after":{"description":"Allow inbound HTTP to the container","egress":[{"cidr_blocks":["0.0.0.0/0"],"description":"","from_port":0,"ipv6_cidr_blocks":[],"prefix_list_ids":[],"protocol":"-1","security_groups":[],"self":false,"to_port":0}],"ingress":[{"cidr_blocks":["0.0.0.0/0"],"description":"HTTP","from_port":8080,"ipv6_cidr_blocks":[],"prefix_list_ids":[],"protocol":"tcp","security_groups":[],"self":false,"to_port":8080}],"name":"python-webapp-task-sg","region":"us-east-1","revoke_rules_on_delete":false,"tags":null,"tags_all":{"Managed":"terraform","Project":"python-webapp"},"timeouts":null,"vpc_id":"vpc-55cfea9f47c0cb232"},"after_unknown":{"arn":true,"egress":[{"cidr_blocks":[false],"ipv6_cidr_blocks":[],"prefix_list_ids":[],"security_groups":[]}],"id":true,"ingress":[{"cidr_blocks":[false],"ipv6_cidr_blocks":[],"prefix_list_ids":[],"security_groups":[]}],"name_prefix":true,"owner_id":true,"tags_all":{}},"before_sensitive":false,"after_sensitive":{"egress":[{"cidr_blocks":[false],"ipv6_cidr_blocks":[],"prefix_list_ids":[],"security_groups":[]}],"ingress":[{"cidr_blocks":[false],"ipv6_cidr_blocks":[],"prefix_list_ids":[],"security_groups":[]}],"tags_all":{}},"after_identity":{"account_id":null,"id":null,"region":null}}}],"output_changes":{"default_vpc_id":{"actions":["create"],"before":null,"after":"vpc-55cfea9f47c0cb232","after_unknown":false,"before_sensitive":false,"after_sensitive":false},"ecs_cluster_name":{"actions":["create"],"before":null,"after":"python-webapp-cluster","after_unknown":false,"before_sensitive":false,"after_sensitive":false},"ecs_service_name":{"actions":["create"],"before":null,"after":"python-webapp-svc","after_unknown":false,"before_sensitive":false,"after_sensitive":false},"task_security_group_id":{"actions":["create"],"before":null,"after_unknown":true,"before_sensitive":false,"after_sensitive":false}},"prior_state":{"format_version":"1.0","terraform_version":"1.13.5","values":{"outputs":{"default_vpc_id":{"sensitive":false,"value":"vpc-55cfea9f47c0cb232","type":"string"},"ecs_cluster_name":{"sensitive":false,"value":"python-webapp-cluster","type":"string"},"ecs_service_name":{"sensitive":false,"value":"python-webapp-svc","type":"string"}},"root_module":{"resources":[{"address":"data.aws_region.current","mode":"data","type":"aws_region","name":"current","provider_name":"registry.terraform.io/hashicorp/aws","schema_version":0,"values":{"description":"US East (N. Virginia)","endpoint":"ec2.us-east-1.amazonaws.com","id":"us-east-1","name":"us-east-1","region":"us-east-1"},"sensitive_values":{}},{"address":"data.aws_subnets.default","mode":"data","type":"aws_subnets","name":"default","provider_name":"registry.terraform.io/hashicorp/aws","schema_version":0,"values":{"filter":[{"name":"vpc-id","values":["vpc-55cfea9f47c0cb232"]}],"id":"us-east-1","ids":["subnet-fd04666bf55b6a99a","subnet-d72c1a6760171ae30","subnet-ce02ecdf94a2544dc","subnet-f33bc1b5de324d795","subnet-cf24af3e3a750eb58","subnet-54c7c01f70c25c7d1"],"region":"us-east-1","tags":null,"timeouts":null},"sensitive_values":{"filter":[{"values":[false]}],"ids":[false,false,false,false,false,false]}},{"address":"data.aws_vpc.default","mode":"data","type":"aws_vpc","name":"default","provider_name":"registry.terraform.io/hashicorp/aws","schema_version":0,"values":{"arn":"arn:aws:ec2:us-east-1:000000000000:vpc/vpc-55cfea9f47c0cb232","cidr_block":"172.31.0.0/16","cidr_block_associations":[{"association_id":"vpc-cidr-assoc-df5b3de2950da333f","cidr_block":"172.31.0.0/16","state":"associated"}],"default":true,"dhcp_options_id":"default","enable_dns_hostnames":true,"enable_dns_support":true,"enable_network_address_usage_metrics":false,"filter":null,"id":"vpc-55cfea9f47c0cb232","instance_tenancy":"default","ipv6_association_id":"","ipv6_cidr_block":"","main_route_table_id":"rtb-61d6d9357bda6d207","owner_id":"000000000000","region":"us-east-1","state":null,"tags":{},"timeouts":null},"sensitive_values":{"cidr_block_associations":[{}],"tags":{}}}]}}},"configuration":{"provider_config":{"aws":{"name":"aws","full_name":"registry.terraform.io/hashicorp/aws","version_constraint":"\u003e= 5.0.0","expressions":{"default_tags":[{"tags":{"references":["var.app_name"]}}],"region":{"references":["var.aws_region"]}}}},"root_module":{"outputs":{"default_vpc_id":{"expression":{"references":["data.aws_vpc.default.id","data.aws_vpc.default"]},"description":"Default VPC used"},"ecs_cluster_name":{"expression":{"references":["aws_ecs_cluster.this.name","aws_ecs_cluster.this"]},"description":"ECS cluster name"},"ecs_service_name":{"expression":{"references":["aws_ecs_service.this.name","aws_ecs_service.this"]},"description":"ECS service name"},"task_security_group_id":{"expression":{"references":["aws_security_group.task.id","aws_security_group.task"]},"description":"Security group attached to the tasks"}},"resources":[{"address":"aws_cloudwatch_log_group.this","mode":"managed","type":"aws_cloudwatch_log_group","name":"this","provider_config_key":"aws","expressions":{"name":{"references":["var.app_name"]},"retention_in_days":{"constant_value":7}},"schema_version":0},{"address":"aws_ecs_cluster.this","mode":"managed","type":"aws_ecs_cluster","name":"this","provider_config_key":"aws","expressions":{"name":{"references":["var.app_name"]}},"schema_version":0},{"address":"aws_ecs_service.this","mode":"managed","type":"aws_ecs_service","name":"this","provider_config_key":"aws","expressions":{"cluster":{"references":["aws_ecs_cluster.this.id","aws_ecs_cluster.this"]},"desired_count":{"references":["var.desired_count"]},"launch_type":{"constant_value":"FARGATE"},"name":{"references":["var.app_name"]},"network_configuration":[{"assign_public_ip":{"references":["var.assign_public_ip"]},"security_groups":{"references":["aws_security_group.task.id","aws_security_group.task"]},"subnets":{"references":["data.aws_subnets.default.ids","data.aws_subnets.default"]}}],"task_definition":{"references":["aws_ecs_task_definition.this.arn","aws_ecs_task_definition.this"]}},"schema_version":1},{"address":"aws_ecs_task_definition.this","mode":"managed","type":"aws_ecs_task_definition","name":"this","provider_config_key":"aws","expressions":{"container_definitions":{"references":["var.app_name","var.container_image","var.container_port","var.container_port","aws_cloudwatch_log_group.this.name","aws_cloudwatch_log_group.this","local.aws_region_name"]},"cpu":{"references":["var.cpu"]},"execution_role_arn":{"references":["aws_iam_role.task_execution.arn","aws_iam_role.task_execution"]},"family":{"references":["var.app_name"]},"memory":{"references":["var.memory"]},"network_mode":{"constant_value":"awsvpc"},"requires_compatibilities":{"constant_value":["FARGATE"]}},"schema_version":1},{"address":"aws_iam_role.task_execution","mode":"managed","type":"aws_iam_role","name":"task_execution","provider_config_key":"aws","expressions":{"assume_role_policy":{},"name":{"references":["var.app_name"]}},"schema_version":0},{"address":"aws_iam_role_policy_attachment.task_execution","mode":"managed","type":"aws_iam_role_policy_attachment","name":"task_execution","provider_config_key":"aws","expressions":{"policy_arn":{"constant_value":"arn:aws:iam::aws:policy/service-role/AmazonECSTaskExecutionRolePolicy"},"role":{"references":["aws_iam_role.task_execution.name","aws_iam_role.task_execution"]}},"schema_version":0},{"address":"aws_security_group.task","mode":"managed","type":"aws_security_group","name":"task","provider_config_key":"aws","expressions":{"description":{"constant_value":"Allow inbound HTTP to the container"},"egress":{"constant_value":[{"cidr_blocks":["0.0.0.0/0"],"description":null,"from_port":0,"ipv6_cidr_blocks":null,"prefix_list_ids":null,"protocol":"-1","security_groups":null,"self":null,"to_port":0}]},"ingress":{"references":["var.container_port","var.container_port"]},"name":{"references":["var.app_name"]},"vpc_id":{"references":["data.aws_vpc.default.id","data.aws_vpc.default"]}},"schema_version":1},{"address":"data.aws_region.current","mode":"data","type":"aws_region","name":"current","provider_config_key":"aws","schema_version":0},{"address":"data.aws_subnets.default","mode":"data","type":"aws_subnets","name":"default","provider_config_key":"aws","expressions":{"filter":[{"name":{"constant_value":"vpc-id"},"values":{"references":["data.aws_vpc.default.id","data.aws_vpc.default"]}}]},"schema_version":0},{"address":"data.aws_vpc.default","mode":"data","type":"aws_vpc","name":"default","provider_config_key":"aws","expressions":{"default":{"constant_value":true}},"schema_version":0}],"variables":{"app_name":{"default":"python-webapp","description":"Application name used for naming/tagging"},"assign_public_ip":{"default":true,"description":"Assign a public IP to the Fargate task (for default VPC public subnets)"},"aws_region":{"default":"us-east-1","description":"AWS region to deploy into"},"container_image":{"default":"xmaeltht/python-webapp:latest","description":"Container image to run. Use an ECR image URI or any public image."},"container_port":{"default":8080,"description":"Port the container listens on"},"cpu":{"default":256,"description":"Fargate task CPU units"},"desired_count":{"default":1,"description":"Number of ECS tasks"},"memory":{"default":512,"description":"Fargate task memory (MiB)"}}}},"relevant_attributes":[{"resource":"data.aws_vpc.default","attribute":["id"]},{"resource":"aws_ecs_task_definition.this","attribute":["arn"]},{"resource":"data.aws_region.current","attribute":["region"]},{"resource":"aws_security_group.task","attribute":["id"]},{"resource":"data.aws_subnets.default","attribute":["ids"]},{"resource":"aws_ecs_cluster.this","attribute":["id"]},{"resource":"aws_iam_role.task_execution","attribute":["name"]},{"resource":"aws_ecs_cluster.this","attribute":["name"]},{"resource":"aws_cloudwatch_log_group.this","attribute":["name"]},{"resource":"aws_ecs_service.this","attribute":["name"]},{"resource":"aws_iam_role.task_execution","attribute":["arn"]}],"timestamp":"2026-01-25T14:37:00Z","applyable":true,"complete":true,"errored":false}
