{
  "version": 4,
  "terraform_version": "1.13.5",
  "serial": 8,
  "lineage": "53d437f6-aa75-af2c-0af3-b47d9defc4e9",
  "outputs": {},
  "resources": [
    {
      "mode": "data",
      "type": "aws_caller_identity",
      "name": "main",
      "provider": "provider[\"registry.terraform.io/hashicorp/aws\"]",
      "instances": [
        {
          "schema_version": 0,
          "attributes": {
            "account_id": "000000000000",
            "arn": "arn:aws:iam::000000000000:root",
            "id": "000000000000",
            "user_id": "AKIAIOSFODNN7EXAMPLE"
          },
          "sensitive_attributes": [],
          "identity_schema_version": 0
        }
      ]
    },
    {
      "mode": "data",
      "type": "aws_iam_policy_document",
      "name": "assume_role_glue_crawler_datalake_comprehend",
      "provider": "provider[\"registry.terraform.io/hashicorp/aws\"]",
      "instances": [
        {
          "schema_version": 0,
          "attributes": {
            "id": "2681768870",
            "json": "{\n  \"Version\": \"2012-10-17\",\n  \"Statement\": [\n    {\n      \"Effect\": \"Allow\",\n      \"Action\": \"sts:AssumeRole\",\n      \"Principal\": {\n        \"Service\": \"glue.amazonaws.com\"\n      }\n    }\n  ]\n}",
            "minified_json": "{\"Version\":\"2012-10-17\",\"Statement\":[{\"Effect\":\"Allow\",\"Action\":\"sts:AssumeRole\",\"Principal\":{\"Service\":\"glue.amazonaws.com\"}}]}",
            "override_json": null,
            "override_policy_documents": null,
            "policy_id": null,
            "source_json": null,
            "source_policy_documents": null,
            "statement": [
              {
                "actions": [
                  "sts:AssumeRole"
                ],
                "condition": [],
                "effect": "Allow",
                "not_actions": [],
                "not_principals": [],
                "not_resources": [],
                "principals": [
                  {
                    "identifiers": [
                      "glue.amazonaws.com"
                    ],
                    "type": "Service"
                  }
                ],
                "resources": [],
                "sid": ""
              }
            ],
            "version": "2012-10-17"
          },
          "sensitive_attributes": [],
          "identity_schema_version": 0
        }
      ]
    },
    {
      "mode": "data",
      "type": "aws_iam_policy_document",
      "name": "assume_role_pipes_pipe_s3_object_created_comprehend",
      "provider": "provider[\"registry.terraform.io/hashicorp/aws\"]",
      "instances": [
        {
          "schema_version": 0,
          "attributes": {
            "id": "1269366293",
            "json": "{\n  \"Version\": \"2012-10-17\",\n  \"Statement\": [\n    {\n      \"Effect\": \"Allow\",\n      \"Action\": \"sts:AssumeRole\",\n      \"Principal\": {\n        \"Service\": \"pipes.amazonaws.com\"\n      }\n    }\n  ]\n}",
            "minified_json": "{\"Version\":\"2012-10-17\",\"Statement\":[{\"Effect\":\"Allow\",\"Action\":\"sts:AssumeRole\",\"Principal\":{\"Service\":\"pipes.amazonaws.com\"}}]}",
            "override_json": null,
            "override_policy_documents": null,
            "policy_id": null,
            "source_json": null,
            "source_policy_documents": null,
            "statement": [
              {
                "actions": [
                  "sts:AssumeRole"
                ],
                "condition": [],
                "effect": "Allow",
                "not_actions": [],
                "not_principals": [],
                "not_resources": [],
                "principals": [
                  {
                    "identifiers": [
                      "pipes.amazonaws.com"
                    ],
                    "type": "Service"
                  }
                ],
                "resources": [],
                "sid": ""
              }
            ],
            "version": "2012-10-17"
          },
          "sensitive_attributes": [],
          "identity_schema_version": 0
        }
      ]
    },
    {
      "mode": "data",
      "type": "aws_iam_policy_document",
      "name": "assume_role_pipes_pipe_s3_object_created_text",
      "provider": "provider[\"registry.terraform.io/hashicorp/aws\"]",
      "instances": [
        {
          "schema_version": 0,
          "attributes": {
            "id": "1269366293",
            "json": "{\n  \"Version\": \"2012-10-17\",\n  \"Statement\": [\n    {\n      \"Effect\": \"Allow\",\n      \"Action\": \"sts:AssumeRole\",\n      \"Principal\": {\n        \"Service\": \"pipes.amazonaws.com\"\n      }\n    }\n  ]\n}",
            "minified_json": "{\"Version\":\"2012-10-17\",\"Statement\":[{\"Effect\":\"Allow\",\"Action\":\"sts:AssumeRole\",\"Principal\":{\"Service\":\"pipes.amazonaws.com\"}}]}",
            "override_json": null,
            "override_policy_documents": null,
            "policy_id": null,
            "source_json": null,
            "source_policy_documents": null,
            "statement": [
              {
                "actions": [
                  "sts:AssumeRole"
                ],
                "condition": [],
                "effect": "Allow",
                "not_actions": [],
                "not_principals": [],
                "not_resources": [],
                "principals": [
                  {
                    "identifiers": [
                      "pipes.amazonaws.com"
                    ],
                    "type": "Service"
                  }
                ],
                "resources": [],
                "sid": ""
              }
            ],
            "version": "2012-10-17"
          },
          "sensitive_attributes": [],
          "identity_schema_version": 0
        }
      ]
    },
    {
      "mode": "data",
      "type": "aws_iam_policy_document",
      "name": "assume_role_sfn_state_machine_s3_object_created_comprehend",
      "provider": "provider[\"registry.terraform.io/hashicorp/aws\"]",
      "instances": [
        {
          "schema_version": 0,
          "attributes": {
            "id": "4022981484",
            "json": "{\n  \"Version\": \"2012-10-17\",\n  \"Statement\": [\n    {\n      \"Effect\": \"Allow\",\n      \"Action\": \"sts:AssumeRole\",\n      \"Principal\": {\n        \"Service\": \"states.amazonaws.com\"\n      }\n    }\n  ]\n}",
            "minified_json": "{\"Version\":\"2012-10-17\",\"Statement\":[{\"Effect\":\"Allow\",\"Action\":\"sts:AssumeRole\",\"Principal\":{\"Service\":\"states.amazonaws.com\"}}]}",
            "override_json": null,
            "override_policy_documents": null,
            "policy_id": null,
            "source_json": null,
            "source_policy_documents": null,
            "statement": [
              {
                "actions": [
                  "sts:AssumeRole"
                ],
                "condition": [],
                "effect": "Allow",
                "not_actions": [],
                "not_principals": [],
                "not_resources": [],
                "principals": [
                  {
                    "identifiers": [
                      "states.amazonaws.com"
                    ],
                    "type": "Service"
                  }
                ],
                "resources": [],
                "sid": ""
              }
            ],
            "version": "2012-10-17"
          },
          "sensitive_attributes": [],
          "identity_schema_version": 0
        }
      ]
    },
    {
      "mode": "data",
      "type": "aws_iam_policy_document",
      "name": "assume_role_sfn_state_machine_s3_object_created_text",
      "provider": "provider[\"registry.terraform.io/hashicorp/aws\"]",
      "instances": [
        {
          "schema_version": 0,
          "attributes": {
            "id": "4022981484",
            "json": "{\n  \"Version\": \"2012-10-17\",\n  \"Statement\": [\n    {\n      \"Effect\": \"Allow\",\n      \"Action\": \"sts:AssumeRole\",\n      \"Principal\": {\n        \"Service\": \"states.amazonaws.com\"\n      }\n    }\n  ]\n}",
            "minified_json": "{\"Version\":\"2012-10-17\",\"Statement\":[{\"Effect\":\"Allow\",\"Action\":\"sts:AssumeRole\",\"Principal\":{\"Service\":\"states.amazonaws.com\"}}]}",
            "override_json": null,
            "override_policy_documents": null,
            "policy_id": null,
            "source_json": null,
            "source_policy_documents": null,
            "statement": [
              {
                "actions": [
                  "sts:AssumeRole"
                ],
                "condition": [],
                "effect": "Allow",
                "not_actions": [],
                "not_principals": [],
                "not_resources": [],
                "principals": [
                  {
                    "identifiers": [
                      "states.amazonaws.com"
                    ],
                    "type": "Service"
                  }
                ],
                "resources": [],
                "sid": ""
              }
            ],
            "version": "2012-10-17"
          },
          "sensitive_attributes": [],
          "identity_schema_version": 0
        }
      ]
    },
    {
      "mode": "data",
      "type": "aws_region",
      "name": "main",
      "provider": "provider[\"registry.terraform.io/hashicorp/aws\"]",
      "instances": [
        {
          "schema_version": 0,
          "attributes": {
            "description": "US East (N. Virginia)",
            "endpoint": "ec2.us-east-1.amazonaws.com",
            "id": "us-east-1",
            "name": "us-east-1",
            "region": "us-east-1"
          },
          "sensitive_attributes": [],
          "identity_schema_version": 0
        }
      ]
    },
    {
      "mode": "managed",
      "type": "aws_iam_role",
      "name": "glue_crawler_datalake_comprehend",
      "provider": "provider[\"registry.terraform.io/hashicorp/aws\"]",
      "instances": [
        {
          "schema_version": 0,
          "attributes": {
            "arn": "arn:aws:iam::000000000000:role/ox/ox-glue-crawler-datalake-comprehend",
            "assume_role_policy": "{\"Statement\":[{\"Action\":\"sts:AssumeRole\",\"Effect\":\"Allow\",\"Principal\":{\"Service\":\"glue.amazonaws.com\"}}],\"Version\":\"2012-10-17\"}",
            "create_date": "2026-01-27T10:23:47Z",
            "description": "",
            "force_detach_policies": false,
            "id": "ox-glue-crawler-datalake-comprehend",
            "inline_policy": [],
            "managed_policy_arns": [],
            "max_session_duration": 3600,
            "name": "ox-glue-crawler-datalake-comprehend",
            "name_prefix": "",
            "path": "/ox/",
            "permissions_boundary": "",
            "tags": {
              "account_arn": "arn:aws:iam::000000000000:root",
              "account_id": "000000000000",
              "organization": "ox",
              "region": "us-east-1",
              "workspace": "default"
            },
            "tags_all": {
              "account_arn": "arn:aws:iam::000000000000:root",
              "account_id": "000000000000",
              "organization": "ox",
              "region": "us-east-1",
              "workspace": "default"
            },
            "unique_id": "AROAQAAAAAAAFMJW6MKOX"
          },
          "sensitive_attributes": [],
          "identity_schema_version": 0,
          "identity": {
            "account_id": "",
            "name": "ox-glue-crawler-datalake-comprehend"
          },
          "private": "bnVsbA==",
          "dependencies": [
            "data.aws_caller_identity.main",
            "data.aws_iam_policy_document.assume_role_glue_crawler_datalake_comprehend",
            "data.aws_region.main",
            "random_pet.organization"
          ]
        }
      ]
    },
    {
      "mode": "managed",
      "type": "aws_iam_role",
      "name": "pipes_pipe_s3_object_created_comprehend",
      "provider": "provider[\"registry.terraform.io/hashicorp/aws\"]",
      "instances": [
        {
          "schema_version": 0,
          "attributes": {
            "arn": "arn:aws:iam::000000000000:role/ox/ox-pipes-pipe-s3-object-created-comprehend",
            "assume_role_policy": "{\"Statement\":[{\"Action\":\"sts:AssumeRole\",\"Effect\":\"Allow\",\"Principal\":{\"Service\":\"pipes.amazonaws.com\"}}],\"Version\":\"2012-10-17\"}",
            "create_date": "2026-01-27T10:23:47Z",
            "description": "",
            "force_detach_policies": false,
            "id": "ox-pipes-pipe-s3-object-created-comprehend",
            "inline_policy": [],
            "managed_policy_arns": [],
            "max_session_duration": 3600,
            "name": "ox-pipes-pipe-s3-object-created-comprehend",
            "name_prefix": "",
            "path": "/ox/",
            "permissions_boundary": "",
            "tags": {
              "account_arn": "arn:aws:iam::000000000000:root",
              "account_id": "000000000000",
              "organization": "ox",
              "region": "us-east-1",
              "workspace": "default"
            },
            "tags_all": {
              "account_arn": "arn:aws:iam::000000000000:root",
              "account_id": "000000000000",
              "organization": "ox",
              "region": "us-east-1",
              "workspace": "default"
            },
            "unique_id": "AROAQAAAAAAAESK6S7R5Q"
          },
          "sensitive_attributes": [],
          "identity_schema_version": 0,
          "identity": {
            "account_id": "",
            "name": "ox-pipes-pipe-s3-object-created-comprehend"
          },
          "private": "bnVsbA==",
          "dependencies": [
            "data.aws_caller_identity.main",
            "data.aws_iam_policy_document.assume_role_pipes_pipe_s3_object_created_comprehend",
            "data.aws_region.main",
            "random_pet.organization"
          ]
        }
      ]
    },
    {
      "mode": "managed",
      "type": "aws_iam_role",
      "name": "pipes_pipe_s3_object_created_text",
      "provider": "provider[\"registry.terraform.io/hashicorp/aws\"]",
      "instances": [
        {
          "schema_version": 0,
          "attributes": {
            "arn": "arn:aws:iam::000000000000:role/ox/ox-pipes-pipe-s3-object-created-text",
            "assume_role_policy": "{\"Statement\":[{\"Action\":\"sts:AssumeRole\",\"Effect\":\"Allow\",\"Principal\":{\"Service\":\"pipes.amazonaws.com\"}}],\"Version\":\"2012-10-17\"}",
            "create_date": "2026-01-27T10:23:47Z",
            "description": "",
            "force_detach_policies": false,
            "id": "ox-pipes-pipe-s3-object-created-text",
            "inline_policy": [],
            "managed_policy_arns": [],
            "max_session_duration": 3600,
            "name": "ox-pipes-pipe-s3-object-created-text",
            "name_prefix": "",
            "path": "/ox/",
            "permissions_boundary": "",
            "tags": {
              "account_arn": "arn:aws:iam::000000000000:root",
              "account_id": "000000000000",
              "organization": "ox",
              "region": "us-east-1",
              "workspace": "default"
            },
            "tags_all": {
              "account_arn": "arn:aws:iam::000000000000:root",
              "account_id": "000000000000",
              "organization": "ox",
              "region": "us-east-1",
              "workspace": "default"
            },
            "unique_id": "AROAQAAAAAAALGLBLKAST"
          },
          "sensitive_attributes": [],
          "identity_schema_version": 0,
          "identity": {
            "account_id": "",
            "name": "ox-pipes-pipe-s3-object-created-text"
          },
          "private": "bnVsbA==",
          "dependencies": [
            "data.aws_caller_identity.main",
            "data.aws_iam_policy_document.assume_role_pipes_pipe_s3_object_created_text",
            "data.aws_region.main",
            "random_pet.organization"
          ]
        }
      ]
    },
    {
      "mode": "managed",
      "type": "aws_iam_role",
      "name": "sfn_state_machine_s3_object_created_comprehend",
      "provider": "provider[\"registry.terraform.io/hashicorp/aws\"]",
      "instances": [
        {
          "schema_version": 0,
          "attributes": {
            "arn": "arn:aws:iam::000000000000:role/ox/ox-sfn-state-machine-s3-object-created-comprehend",
            "assume_role_policy": "{\"Statement\":[{\"Action\":\"sts:AssumeRole\",\"Effect\":\"Allow\",\"Principal\":{\"Service\":\"states.amazonaws.com\"}}],\"Version\":\"2012-10-17\"}",
            "create_date": "2026-01-27T10:23:47Z",
            "description": "",
            "force_detach_policies": false,
            "id": "ox-sfn-state-machine-s3-object-created-comprehend",
            "inline_policy": [],
            "managed_policy_arns": [],
            "max_session_duration": 3600,
            "name": "ox-sfn-state-machine-s3-object-created-comprehend",
            "name_prefix": "",
            "path": "/ox/",
            "permissions_boundary": "",
            "tags": {
              "account_arn": "arn:aws:iam::000000000000:root",
              "account_id": "000000000000",
              "organization": "ox",
              "region": "us-east-1",
              "workspace": "default"
            },
            "tags_all": {
              "account_arn": "arn:aws:iam::000000000000:root",
              "account_id": "000000000000",
              "organization": "ox",
              "region": "us-east-1",
              "workspace": "default"
            },
            "unique_id": "AROAQAAAAAAAPVFICB5JR"
          },
          "sensitive_attributes": [],
          "identity_schema_version": 0,
          "identity": {
            "account_id": "",
            "name": "ox-sfn-state-machine-s3-object-created-comprehend"
          },
          "private": "bnVsbA==",
          "dependencies": [
            "data.aws_caller_identity.main",
            "data.aws_iam_policy_document.assume_role_sfn_state_machine_s3_object_created_comprehend",
            "data.aws_region.main",
            "random_pet.organization"
          ]
        }
      ]
    },
    {
      "mode": "managed",
      "type": "aws_iam_role",
      "name": "sfn_state_machine_s3_object_created_text",
      "provider": "provider[\"registry.terraform.io/hashicorp/aws\"]",
      "instances": [
        {
          "schema_version": 0,
          "attributes": {
            "arn": "arn:aws:iam::000000000000:role/ox/ox-sfn-state-machine-s3-object-created-text",
            "assume_role_policy": "{\"Statement\":[{\"Action\":\"sts:AssumeRole\",\"Effect\":\"Allow\",\"Principal\":{\"Service\":\"states.amazonaws.com\"}}],\"Version\":\"2012-10-17\"}",
            "create_date": "2026-01-27T10:23:47Z",
            "description": "",
            "force_detach_policies": false,
            "id": "ox-sfn-state-machine-s3-object-created-text",
            "inline_policy": [],
            "managed_policy_arns": [],
            "max_session_duration": 3600,
            "name": "ox-sfn-state-machine-s3-object-created-text",
            "name_prefix": "",
            "path": "/ox/",
            "permissions_boundary": "",
            "tags": {
              "account_arn": "arn:aws:iam::000000000000:root",
              "account_id": "000000000000",
              "organization": "ox",
              "region": "us-east-1",
              "workspace": "default"
            },
            "tags_all": {
              "account_arn": "arn:aws:iam::000000000000:root",
              "account_id": "000000000000",
              "organization": "ox",
              "region": "us-east-1",
              "workspace": "default"
            },
            "unique_id": "AROAQAAAAAAAAUKJ7TGVI"
          },
          "sensitive_attributes": [],
          "identity_schema_version": 0,
          "identity": {
            "account_id": "",
            "name": "ox-sfn-state-machine-s3-object-created-text"
          },
          "private": "bnVsbA==",
          "dependencies": [
            "data.aws_caller_identity.main",
            "data.aws_iam_policy_document.assume_role_sfn_state_machine_s3_object_created_text",
            "data.aws_region.main",
            "random_pet.organization"
          ]
        }
      ]
    },
    {
      "mode": "managed",
      "type": "random_pet",
      "name": "organization",
      "provider": "provider[\"registry.terraform.io/hashicorp/random\"]",
      "instances": [
        {
          "schema_version": 0,
          "attributes": {
            "id": "ox",
            "keepers": null,
            "length": 1,
            "prefix": null,
            "separator": "-"
          },
          "sensitive_attributes": [],
          "identity_schema_version": 0
        }
      ]
    }
  ],
  "check_results": null
}
