
Terraform used the selected providers to generate the following execution
plan. Resource actions are indicated with the following symbols:
  + create

Terraform will perform the following actions:

  # aws_ecs_cluster.helloWorld will be created
  + resource "aws_ecs_cluster" "helloWorld" {
      + arn      = (known after apply)
      + id       = (known after apply)
      + name     = "helloWorld-cluster"
      + region   = "ap-south-1"
      + tags_all = (known after apply)

      + setting (known after apply)
    }

  # aws_ecs_service.helloWorld will be created
  + resource "aws_ecs_service" "helloWorld" {
      + arn                                = (known after apply)
      + availability_zone_rebalancing      = (known after apply)
      + cluster                            = (known after apply)
      + deployment_maximum_percent         = 200
      + deployment_minimum_healthy_percent = 100
      + desired_count                      = 1
      + enable_ecs_managed_tags            = false
      + enable_execute_command             = false
      + iam_role                           = (known after apply)
      + id                                 = (known after apply)
      + launch_type                        = "FARGATE"
      + name                               = "helloWorld-service"
      + platform_version                   = (known after apply)
      + region                             = "ap-south-1"
      + scheduling_strategy                = "REPLICA"
      + tags_all                           = (known after apply)
      + task_definition                    = (known after apply)
      + triggers                           = (known after apply)
      + wait_for_steady_state              = false

      + deployment_configuration (known after apply)

      + network_configuration {
          + assign_public_ip = false
          + security_groups  = [
              + "sg-091a92188a1d830bc",
            ]
          + subnets          = [
              + "subnet-005fc6c4dc01a48d3",
            ]
        }
    }

  # aws_ecs_task_definition.helloWorld will be created
  + resource "aws_ecs_task_definition" "helloWorld" {
      + arn                      = (known after apply)
      + arn_without_revision     = (known after apply)
      + container_definitions    = jsonencode(
            [
              + {
                  + essential    = true
                  + image        = "851725266600.dkr.ecr.ap-south-1.amazonaws.com/hello-world-nodejs:latest"
                  + name         = "hello-world"
                  + portMappings = [
                      + {
                          + containerPort = 3000
                          + hostPort      = 3000
                        },
                    ]
                },
            ]
        )
      + cpu                      = "256"
      + enable_fault_injection   = (known after apply)
      + execution_role_arn       = (known after apply)
      + family                   = "hello-world"
      + id                       = (known after apply)
      + memory                   = "512"
      + network_mode             = "awsvpc"
      + region                   = "ap-south-1"
      + requires_compatibilities = [
          + "FARGATE",
        ]
      + revision                 = (known after apply)
      + skip_destroy             = false
      + tags_all                 = (known after apply)
      + track_latest             = false
    }

  # aws_iam_role.ecs_task_execution_role will be created
  + resource "aws_iam_role" "ecs_task_execution_role" {
      + arn                   = (known after apply)
      + assume_role_policy    = jsonencode(
            {
              + Statement = [
                  + {
                      + Action    = "sts:AssumeRole"
                      + Effect    = "Allow"
                      + Principal = {
                          + Service = "ecs-tasks.amazonaws.com"
                        }
                    },
                ]
              + Version   = "2012-10-17"
            }
        )
      + create_date           = (known after apply)
      + force_detach_policies = false
      + id                    = (known after apply)
      + managed_policy_arns   = (known after apply)
      + max_session_duration  = 3600
      + name                  = "ecsTaskExecutionRole"
      + name_prefix           = (known after apply)
      + path                  = "/"
      + tags_all              = (known after apply)
      + unique_id             = (known after apply)

      + inline_policy (known after apply)
    }

  # aws_iam_role_policy_attachment.ecs_task_execution_policy will be created
  + resource "aws_iam_role_policy_attachment" "ecs_task_execution_policy" {
      + id         = (known after apply)
      + policy_arn = "arn:aws:iam::aws:policy/service-role/AmazonECSTaskExecutionRolePolicy"
      + role       = "ecsTaskExecutionRole"
    }

Plan: 5 to add, 0 to change, 0 to destroy.
aws_iam_role.ecs_task_execution_role: Creating...
aws_ecs_cluster.helloWorld: Creating...
aws_iam_role.ecs_task_execution_role: Creation complete after 0s [id=ecsTaskExecutionRole]
aws_iam_role_policy_attachment.ecs_task_execution_policy: Creating...
aws_ecs_task_definition.helloWorld: Creating...
aws_iam_role_policy_attachment.ecs_task_execution_policy: Creation complete after 0s [id=ecsTaskExecutionRole/arn:aws:iam::aws:policy/service-role/AmazonECSTaskExecutionRolePolicy]
aws_ecs_task_definition.helloWorld: Creation complete after 2s [id=hello-world]
aws_ecs_cluster.helloWorld: Still creating... [00m10s elapsed]
aws_ecs_cluster.helloWorld: Creation complete after 12s [id=arn:aws:ecs:ap-south-1:000000000000:cluster/helloWorld-cluster]
aws_ecs_service.helloWorld: Creating...
aws_ecs_service.helloWorld: Still creating... [00m10s elapsed]
