{
  "version": 4,
  "terraform_version": "1.13.5",
  "serial": 1,
  "lineage": "1d4ca8f4-e9a0-d74c-7a39-2e5f3a2c40e9",
  "outputs": {},
  "resources": [
    {
      "mode": "managed",
      "type": "random_id",
      "name": "suffix",
      "provider": "provider[\"registry.terraform.io/hashicorp/random\"]",
      "instances": [
        {
          "schema_version": 0,
          "attributes": {
            "b64_std": "0cvqZg==",
            "b64_url": "0cvqZg",
            "byte_length": 4,
            "dec": "3519801958",
            "hex": "d1cbea66",
            "id": "0cvqZg",
            "keepers": null,
            "prefix": null
          },
          "sensitive_attributes": [],
          "identity_schema_version": 0
        }
      ]
    }
  ],
  "check_results": null
}
