data.archive_file.lambda_dummy: Reading...
data.archive_file.lambda_dummy: Read complete after 0s [id=58e93fade67637870be5af38eff8d5aa66c7da49]
data.aws_iam_policy_document.lambda_assume: Reading...
data.aws_caller_identity.current: Reading...
data.aws_partition.current: Reading...
data.aws_region.current: Reading...
data.aws_region.current: Read complete after 0s [id=us-east-1]
data.aws_partition.current: Read complete after 0s [id=aws]
data.aws_iam_policy_document.lambda_assume: Read complete after 0s [id=2690255455]
data.aws_caller_identity.current: Read complete after 0s [id=000000000000]

Terraform used the selected providers to generate the following execution
plan. Resource actions are indicated with the following symbols:
  + create
 <= read (data resources)

Terraform planned the following actions, but then encountered a problem:

  # data.aws_iam_policy_document.lambda_policy will be read during apply
  # (config refers to values not yet known)
 <= data "aws_iam_policy_document" "lambda_policy" {
      + id            = (known after apply)
      + json          = (known after apply)
      + minified_json = (known after apply)

      + statement {
          + actions   = [
              + "logs:CreateLogGroup",
              + "logs:CreateLogStream",
              + "logs:PutLogEvents",
            ]
          + effect    = "Allow"
          + resources = [
              + "arn:aws:logs:us-east-1:000000000000:log-group:/aws/lambda/lambda-delta-optimize:*",
            ]
          + sid       = "CloudWatchLogs"
        }
      + statement {
          + actions   = [
              + "s3:ListBucket",
            ]
          + effect    = "Allow"
          + resources = [
              + "arn:aws:s3:::ai-tf",
            ]
          + sid       = "S3ListPrefix"

          + condition {
              + test     = "StringLike"
              + values   = [
                  + "databases/bronze/http/*",
                  + "databases/bronze/http",
                ]
              + variable = "s3:prefix"
            }
        }
      + statement {
          + actions   = [
              + "s3:AbortMultipartUpload",
              + "s3:DeleteObject",
              + "s3:GetObject",
              + "s3:ListMultipartUploadParts",
              + "s3:PutObject",
            ]
          + effect    = "Allow"
          + resources = [
              + "arn:aws:s3:::ai-tf/databases/bronze/http/*",
            ]
          + sid       = "S3ObjectRW"
        }
      + statement {
          + actions   = [
              + "dynamodb:DeleteItem",
              + "dynamodb:DescribeTable",
              + "dynamodb:GetItem",
              + "dynamodb:PutItem",
              + "dynamodb:Query",
              + "dynamodb:Scan",
              + "dynamodb:UpdateItem",
            ]
          + effect    = "Allow"
          + resources = [
              + (known after apply),
            ]
          + sid       = "DynamoDBLockTable"
        }
    }

  # aws_cloudwatch_event_rule.schedule will be created
  + resource "aws_cloudwatch_event_rule" "schedule" {
      + arn                 = (known after apply)
      + description         = "Scheduled trigger for lambda-delta-optimize"
      + event_bus_name      = "default"
      + force_destroy       = false
      + id                  = (known after apply)
      + name                = "lambda-delta-optimize-dev-schedule"
      + name_prefix         = (known after apply)
      + region              = "us-east-1"
      + schedule_expression = "rate(1 day)"
      + tags_all            = {
          + "Environment" = "dev"
          + "ManagedBy"   = "terraform"
          + "Project"     = "lambda-delta-optimize"
        }
    }

  # aws_cloudwatch_log_group.lambda will be created
  + resource "aws_cloudwatch_log_group" "lambda" {
      + arn                         = (known after apply)
      + deletion_protection_enabled = (known after apply)
      + id                          = (known after apply)
      + log_group_class             = (known after apply)
      + name                        = "/aws/lambda/lambda-delta-optimize"
      + name_prefix                 = (known after apply)
      + region                      = "us-east-1"
      + retention_in_days           = 30
      + skip_destroy                = false
      + tags_all                    = {
          + "Environment" = "dev"
          + "ManagedBy"   = "terraform"
          + "Project"     = "lambda-delta-optimize"
        }
    }

  # aws_cloudwatch_metric_alarm.eventbridge_failed_invocations will be created
  + resource "aws_cloudwatch_metric_alarm" "eventbridge_failed_invocations" {
      + actions_enabled                       = true
      + alarm_description                     = "EventBridge failed invocations > 0"
      + alarm_name                            = "lambda-delta-optimize-dev-eventbridge-failed-invocations"
      + arn                                   = (known after apply)
      + comparison_operator                   = "GreaterThanThreshold"
      + dimensions                            = {
          + "RuleName" = "lambda-delta-optimize-dev-schedule"
        }
      + evaluate_low_sample_count_percentiles = (known after apply)
      + evaluation_periods                    = 1
      + id                                    = (known after apply)
      + metric_name                           = "FailedInvocations"
      + namespace                             = "AWS/Events"
      + period                                = 300
      + region                                = "us-east-1"
      + statistic                             = "Sum"
      + tags_all                              = {
          + "Environment" = "dev"
          + "ManagedBy"   = "terraform"
          + "Project"     = "lambda-delta-optimize"
        }
      + threshold                             = 0
      + treat_missing_data                    = "missing"
    }

  # aws_dynamodb_table.delta_lock will be created
  + resource "aws_dynamodb_table" "delta_lock" {
      + arn              = (known after apply)
      + billing_mode     = "PAY_PER_REQUEST"
      + hash_key         = "key"
      + id               = (known after apply)
      + name             = "lambda-delta-optimize-dev-delta-lock"
      + read_capacity    = (known after apply)
      + region           = "us-east-1"
      + stream_arn       = (known after apply)
      + stream_label     = (known after apply)
      + stream_view_type = (known after apply)
      + tags_all         = {
          + "Environment" = "dev"
          + "ManagedBy"   = "terraform"
          + "Project"     = "lambda-delta-optimize"
        }
      + write_capacity   = (known after apply)

      + attribute {
          + name = "key"
          + type = "S"
        }

      + global_secondary_index (known after apply)

      + global_table_witness (known after apply)

      + point_in_time_recovery {
          + enabled                 = true
          + recovery_period_in_days = (known after apply)
        }

      + server_side_encryption (known after apply)

      + ttl (known after apply)

      + warm_throughput (known after apply)
    }

  # aws_iam_role.lambda will be created
  + resource "aws_iam_role" "lambda" {
      + arn                   = (known after apply)
      + assume_role_policy    = jsonencode(
            {
              + Statement = [
                  + {
                      + Action    = "sts:AssumeRole"
                      + Effect    = "Allow"
                      + Principal = {
                          + Service = "lambda.amazonaws.com"
                        }
                    },
                ]
              + Version   = "2012-10-17"
            }
        )
      + create_date           = (known after apply)
      + force_detach_policies = false
      + id                    = (known after apply)
      + managed_policy_arns   = (known after apply)
      + max_session_duration  = 3600
      + name                  = "lambda-delta-optimize-dev-lambda-role"
      + name_prefix           = (known after apply)
      + path                  = "/"
      + tags_all              = {
          + "Environment" = "dev"
          + "ManagedBy"   = "terraform"
          + "Project"     = "lambda-delta-optimize"
        }
      + unique_id             = (known after apply)

      + inline_policy (known after apply)
    }

  # aws_iam_role_policy.lambda_inline will be created
  + resource "aws_iam_role_policy" "lambda_inline" {
      + id          = (known after apply)
      + name        = "lambda-delta-optimize-dev-lambda-inline"
      + name_prefix = (known after apply)
      + policy      = (known after apply)
      + role        = (known after apply)
    }

  # aws_sqs_queue.eventbridge_dlq[0] will be created
  + resource "aws_sqs_queue" "eventbridge_dlq" {
      + arn                               = (known after apply)
      + content_based_deduplication       = false
      + deduplication_scope               = (known after apply)
      + delay_seconds                     = 0
      + fifo_queue                        = false
      + fifo_throughput_limit             = (known after apply)
      + id                                = (known after apply)
      + kms_data_key_reuse_period_seconds = (known after apply)
      + kms_master_key_id                 = "alias/aws/sqs"
      + max_message_size                  = 262144
      + message_retention_seconds         = 1209600
      + name                              = "lambda-delta-optimize-dev-eventbridge-dlq"
      + name_prefix                       = (known after apply)
      + policy                            = (known after apply)
      + receive_wait_time_seconds         = 0
      + redrive_allow_policy              = (known after apply)
      + redrive_policy                    = (known after apply)
      + region                            = "us-east-1"
      + sqs_managed_sse_enabled           = (known after apply)
      + tags_all                          = {
          + "Environment" = "dev"
          + "ManagedBy"   = "terraform"
          + "Project"     = "lambda-delta-optimize"
        }
      + url                               = (known after apply)
      + visibility_timeout_seconds        = 30
    }

Plan: 7 to add, 0 to change, 0 to destroy.

Changes to Outputs:
  + datalake_location        = "s3://ai-tf/databases/bronze/http"
  + dynamodb_lock_table_name = "lambda-delta-optimize-dev-delta-lock"
  + eventbridge_dlq_url      = (known after apply)
  + eventbridge_rule_name    = "lambda-delta-optimize-dev-schedule"
