data.archive_file.lambda_dummy: Reading...
data.archive_file.lambda_dummy: Read complete after 0s [id=58e93fade67637870be5af38eff8d5aa66c7da49]
data.aws_iam_policy_document.lambda_assume_role: Reading...
data.aws_caller_identity.current: Reading...
data.aws_region.current: Reading...
data.aws_region.current: Read complete after 0s [id=us-east-1]
data.aws_iam_policy_document.lambda_assume_role: Read complete after 0s [id=2690255455]
data.aws_caller_identity.current: Read complete after 1s [id=000000000000]

Terraform used the selected providers to generate the following execution
plan. Resource actions are indicated with the following symbols:
  + create

Terraform will perform the following actions:

  # aws_iam_role.lambda_exec will be created
  + resource "aws_iam_role" "lambda_exec" {
      + arn                   = (known after apply)
      + assume_role_policy    = jsonencode(
            {
              + Statement = [
                  + {
                      + Action    = "sts:AssumeRole"
                      + Effect    = "Allow"
                      + Principal = {
                          + Service = "lambda.amazonaws.com"
                        }
                    },
                ]
              + Version   = "2012-10-17"
            }
        )
      + create_date           = (known after apply)
      + force_detach_policies = false
      + id                    = (known after apply)
      + managed_policy_arns   = (known after apply)
      + max_session_duration  = 3600
      + name                  = "reminder-bot-exec-role"
      + name_prefix           = (known after apply)
      + path                  = "/"
      + tags                  = {
          + "Project" = "reminder-bot"
        }
      + tags_all              = {
          + "Project" = "reminder-bot"
        }
      + unique_id             = (known after apply)

      + inline_policy (known after apply)
    }

  # aws_iam_role_policy_attachment.lambda_basic will be created
  + resource "aws_iam_role_policy_attachment" "lambda_basic" {
      + id         = (known after apply)
      + policy_arn = "arn:aws:iam::aws:policy/service-role/AWSLambdaBasicExecutionRole"
      + role       = "reminder-bot-exec-role"
    }

  # aws_lambda_function.reminder_bot will be created
  + resource "aws_lambda_function" "reminder_bot" {
      + architectures                  = (known after apply)
      + arn                            = (known after apply)
      + code_sha256                    = (known after apply)
      + filename                       = "./.dummy/lambda.zip"
      + function_name                  = "reminder-bot"
      + handler                        = "handler.Handler::handleRequest"
      + id                             = (known after apply)
      + invoke_arn                     = (known after apply)
      + last_modified                  = (known after apply)
      + memory_size                    = 128
      + package_type                   = "Zip"
      + publish                        = false
      + qualified_arn                  = (known after apply)
      + qualified_invoke_arn           = (known after apply)
      + region                         = "us-east-1"
      + reserved_concurrent_executions = -1
      + response_streaming_invoke_arn  = (known after apply)
      + role                           = (known after apply)
      + runtime                        = "java21"
      + signing_job_arn                = (known after apply)
      + signing_profile_version_arn    = (known after apply)
      + skip_destroy                   = false
      + source_code_hash               = "wmbalFzzY/wG3ivChKElOZB3+B4gptmQyIat05p+fU4="
      + source_code_size               = (known after apply)
      + tags                           = {
          + "Project" = "reminder-bot"
        }
      + tags_all                       = {
          + "Project" = "reminder-bot"
        }
      + timeout                        = 3
      + version                        = (known after apply)

      + environment {
          + variables = {
              + "bot_token"          = "<your_bot_token>"
              + "chat_id"            = "<your_chat_id>"
              + "end_month_message"  = "<your_end_month_message>"
              + "half_month_message" = "<your_half_month_message>"
            }
        }

      + ephemeral_storage (known after apply)

      + logging_config (known after apply)

      + tracing_config (known after apply)
    }

Plan: 3 to add, 0 to change, 0 to destroy.

Changes to Outputs:
  + lambda_function_arn  = (known after apply)
  + lambda_function_name = "reminder-bot"
aws_iam_role.lambda_exec: Creating...
aws_iam_role.lambda_exec: Creation complete after 0s [id=reminder-bot-exec-role]
aws_iam_role_policy_attachment.lambda_basic: Creating...
aws_lambda_function.reminder_bot: Creating...
aws_iam_role_policy_attachment.lambda_basic: Creation complete after 0s [id=reminder-bot-exec-role/arn:aws:iam::aws:policy/service-role/AWSLambdaBasicExecutionRole]
aws_lambda_function.reminder_bot: Creation complete after 6s [id=reminder-bot]

Apply complete! Resources: 3 added, 0 changed, 0 destroyed.

Outputs:

lambda_function_arn = "arn:aws:lambda:us-east-1:000000000000:function:reminder-bot"
lambda_function_name = "reminder-bot"
