{"format_version":"1.2","terraform_version":"1.13.5","variables":{"aws_region":{"value":"us-east-1"},"function_name":{"value":"reminder-bot"},"lambda_runtime":{"value":"java21"}},"planned_values":{"outputs":{"lambda_function_arn":{"sensitive":false},"lambda_function_name":{"sensitive":false,"type":"string","value":"reminder-bot"}},"root_module":{"resources":[{"address":"aws_iam_role.lambda_exec","mode":"managed","type":"aws_iam_role","name":"lambda_exec","provider_name":"registry.terraform.io/hashicorp/aws","schema_version":0,"values":{"assume_role_policy":"{\"Statement\":[{\"Action\":\"sts:AssumeRole\",\"Effect\":\"Allow\",\"Principal\":{\"Service\":\"lambda.amazonaws.com\"}}],\"Version\":\"2012-10-17\"}","description":null,"force_detach_policies":false,"max_session_duration":3600,"name":"reminder-bot-exec-role","path":"/","permissions_boundary":null,"tags":{"Project":"reminder-bot"},"tags_all":{"Project":"reminder-bot"}},"sensitive_values":{"inline_policy":[],"managed_policy_arns":[],"tags":{},"tags_all":{}},"identity_schema_version":0,"identity":{"account_id":null,"name":null}},{"address":"aws_iam_role_policy_attachment.lambda_basic","mode":"managed","type":"aws_iam_role_policy_attachment","name":"lambda_basic","provider_name":"registry.terraform.io/hashicorp/aws","schema_version":0,"values":{"policy_arn":"arn:aws:iam::aws:policy/service-role/AWSLambdaBasicExecutionRole","role":"reminder-bot-exec-role"},"sensitive_values":{},"identity_schema_version":0,"identity":{"account_id":null,"policy_arn":null,"role":null}},{"address":"aws_lambda_function.reminder_bot","mode":"managed","type":"aws_lambda_function","name":"reminder_bot","provider_name":"registry.terraform.io/hashicorp/aws","schema_version":0,"values":{"capacity_provider_config":[],"code_signing_config_arn":null,"dead_letter_config":[],"description":null,"durable_config":[],"environment":[{"variables":{"bot_token":"\u003cyour_bot_token\u003e","chat_id":"\u003cyour_chat_id\u003e","end_month_message":"\u003cyour_end_month_message\u003e","half_month_message":"\u003cyour_half_month_message\u003e"}}],"file_system_config":[],"filename":"./.dummy/lambda.zip","function_name":"reminder-bot","handler":"handler.Handler::handleRequest","image_config":[],"image_uri":null,"kms_key_arn":null,"layers":null,"memory_size":128,"package_type":"Zip","publish":false,"publish_to":null,"region":"us-east-1","replace_security_groups_on_destroy":null,"replacement_security_group_ids":null,"reserved_concurrent_executions":-1,"runtime":"java21","s3_bucket":null,"s3_key":null,"s3_object_version":null,"skip_destroy":false,"snap_start":[],"source_code_hash":"wmbalFzzY/wG3ivChKElOZB3+B4gptmQyIat05p+fU4=","source_kms_key_arn":null,"tags":{"Project":"reminder-bot"},"tags_all":{"Project":"reminder-bot"},"tenancy_config":[],"timeout":3,"timeouts":null,"vpc_config":[]},"sensitive_values":{"architectures":[],"capacity_provider_config":[],"dead_letter_config":[],"durable_config":[],"environment":[{"variables":{}}],"ephemeral_storage":[],"file_system_config":[],"image_config":[],"logging_config":[],"snap_start":[],"tags":{},"tags_all":{},"tenancy_config":[],"tracing_config":[],"vpc_config":[]},"identity_schema_version":0,"identity":{"account_id":null,"function_name":null,"region":null}}]}},"resource_changes":[{"address":"aws_iam_role.lambda_exec","mode":"managed","type":"aws_iam_role","name":"lambda_exec","provider_name":"registry.terraform.io/hashicorp/aws","change":{"actions":["create"],"before":null,"after":{"assume_role_policy":"{\"Statement\":[{\"Action\":\"sts:AssumeRole\",\"Effect\":\"Allow\",\"Principal\":{\"Service\":\"lambda.amazonaws.com\"}}],\"Version\":\"2012-10-17\"}","description":null,"force_detach_policies":false,"max_session_duration":3600,"name":"reminder-bot-exec-role","path":"/","permissions_boundary":null,"tags":{"Project":"reminder-bot"},"tags_all":{"Project":"reminder-bot"}},"after_unknown":{"arn":true,"create_date":true,"id":true,"inline_policy":true,"managed_policy_arns":true,"name_prefix":true,"tags":{},"tags_all":{},"unique_id":true},"before_sensitive":false,"after_sensitive":{"inline_policy":[],"managed_policy_arns":[],"tags":{},"tags_all":{}},"after_identity":{"account_id":null,"name":null}}},{"address":"aws_iam_role_policy_attachment.lambda_basic","mode":"managed","type":"aws_iam_role_policy_attachment","name":"lambda_basic","provider_name":"registry.terraform.io/hashicorp/aws","change":{"actions":["create"],"before":null,"after":{"policy_arn":"arn:aws:iam::aws:policy/service-role/AWSLambdaBasicExecutionRole","role":"reminder-bot-exec-role"},"after_unknown":{"id":true},"before_sensitive":false,"after_sensitive":{},"after_identity":{"account_id":null,"policy_arn":null,"role":null}}},{"address":"aws_lambda_function.reminder_bot","mode":"managed","type":"aws_lambda_function","name":"reminder_bot","provider_name":"registry.terraform.io/hashicorp/aws","change":{"actions":["create"],"before":null,"after":{"capacity_provider_config":[],"code_signing_config_arn":null,"dead_letter_config":[],"description":null,"durable_config":[],"environment":[{"variables":{"bot_token":"\u003cyour_bot_token\u003e","chat_id":"\u003cyour_chat_id\u003e","end_month_message":"\u003cyour_end_month_message\u003e","half_month_message":"\u003cyour_half_month_message\u003e"}}],"file_system_config":[],"filename":"./.dummy/lambda.zip","function_name":"reminder-bot","handler":"handler.Handler::handleRequest","image_config":[],"image_uri":null,"kms_key_arn":null,"layers":null,"memory_size":128,"package_type":"Zip","publish":false,"publish_to":null,"region":"us-east-1","replace_security_groups_on_destroy":null,"replacement_security_group_ids":null,"reserved_concurrent_executions":-1,"runtime":"java21","s3_bucket":null,"s3_key":null,"s3_object_version":null,"skip_destroy":false,"snap_start":[],"source_code_hash":"wmbalFzzY/wG3ivChKElOZB3+B4gptmQyIat05p+fU4=","source_kms_key_arn":null,"tags":{"Project":"reminder-bot"},"tags_all":{"Project":"reminder-bot"},"tenancy_config":[],"timeout":3,"timeouts":null,"vpc_config":[]},"after_unknown":{"architectures":true,"arn":true,"capacity_provider_config":[],"code_sha256":true,"dead_letter_config":[],"durable_config":[],"environment":[{"variables":{}}],"ephemeral_storage":true,"file_system_config":[],"id":true,"image_config":[],"invoke_arn":true,"last_modified":true,"logging_config":true,"qualified_arn":true,"qualified_invoke_arn":true,"response_streaming_invoke_arn":true,"role":true,"signing_job_arn":true,"signing_profile_version_arn":true,"snap_start":[],"source_code_size":true,"tags":{},"tags_all":{},"tenancy_config":[],"tracing_config":true,"version":true,"vpc_config":[]},"before_sensitive":false,"after_sensitive":{"architectures":[],"capacity_provider_config":[],"dead_letter_config":[],"durable_config":[],"environment":[{"variables":{}}],"ephemeral_storage":[],"file_system_config":[],"image_config":[],"logging_config":[],"snap_start":[],"tags":{},"tags_all":{},"tenancy_config":[],"tracing_config":[],"vpc_config":[]},"after_identity":{"account_id":null,"function_name":null,"region":null}}}],"output_changes":{"lambda_function_arn":{"actions":["create"],"before":null,"after_unknown":true,"before_sensitive":false,"after_sensitive":false},"lambda_function_name":{"actions":["create"],"before":null,"after":"reminder-bot","after_unknown":false,"before_sensitive":false,"after_sensitive":false}},"prior_state":{"format_version":"1.0","terraform_version":"1.13.5","values":{"outputs":{"lambda_function_name":{"sensitive":false,"value":"reminder-bot","type":"string"}},"root_module":{"resources":[{"address":"data.archive_file.lambda_dummy","mode":"data","type":"archive_file","name":"lambda_dummy","provider_name":"registry.terraform.io/hashicorp/archive","schema_version":0,"values":{"exclude_symlink_directories":null,"excludes":null,"id":"58e93fade67637870be5af38eff8d5aa66c7da49","output_base64sha256":"wmbalFzzY/wG3ivChKElOZB3+B4gptmQyIat05p+fU4=","output_base64sha512":"BQYAg1LwEY4tDmry1VoRx6StX0vjH+7LpfB5KAZLVvfJQjioPbBv1QxI6QF6P2U614fU3h9XKBCb9z5Y1ornqA==","output_file_mode":null,"output_md5":"a0dbd832a6a977d6d5b28ea5c85e30fb","output_path":"./.dummy/lambda.zip","output_sha":"58e93fade67637870be5af38eff8d5aa66c7da49","output_sha256":"c266da945cf363fc06de2bc284a125399077f81e20a6d990c886add39a7e7d4e","output_sha512":"0506008352f0118e2d0e6af2d55a11c7a4ad5f4be31feecba5f07928064b56f7c94238a83db06fd50c48e9017a3f653ad787d4de1f5728109bf73e58d68ae7a8","output_size":246,"source":[{"content":"exports.handler = async (event) =\u003e {\n  console.log(\"Dummy lambda invoked\");\n  return { statusCode: 200, body: \"dummy\" };\n};\n","filename":"index.js"}],"source_content":null,"source_content_filename":null,"source_dir":null,"source_file":null,"type":"zip"},"sensitive_values":{"source":[{}]}},{"address":"data.aws_caller_identity.current","mode":"data","type":"aws_caller_identity","name":"current","provider_name":"registry.terraform.io/hashicorp/aws","schema_version":0,"values":{"account_id":"000000000000","arn":"arn:aws:iam::000000000000:root","id":"000000000000","user_id":"AKIAIOSFODNN7EXAMPLE"},"sensitive_values":{}},{"address":"data.aws_iam_policy_document.lambda_assume_role","mode":"data","type":"aws_iam_policy_document","name":"lambda_assume_role","provider_name":"registry.terraform.io/hashicorp/aws","schema_version":0,"values":{"id":"2690255455","json":"{\n  \"Version\": \"2012-10-17\",\n  \"Statement\": [\n    {\n      \"Effect\": \"Allow\",\n      \"Action\": \"sts:AssumeRole\",\n      \"Principal\": {\n        \"Service\": \"lambda.amazonaws.com\"\n      }\n    }\n  ]\n}","minified_json":"{\"Version\":\"2012-10-17\",\"Statement\":[{\"Effect\":\"Allow\",\"Action\":\"sts:AssumeRole\",\"Principal\":{\"Service\":\"lambda.amazonaws.com\"}}]}","override_json":null,"override_policy_documents":null,"policy_id":null,"source_json":null,"source_policy_documents":null,"statement":[{"actions":["sts:AssumeRole"],"condition":[],"effect":"Allow","not_actions":[],"not_principals":[],"not_resources":[],"principals":[{"identifiers":["lambda.amazonaws.com"],"type":"Service"}],"resources":[],"sid":""}],"version":"2012-10-17"},"sensitive_values":{"statement":[{"actions":[false],"condition":[],"not_actions":[],"not_principals":[],"not_resources":[],"principals":[{"identifiers":[false]}],"resources":[]}]}},{"address":"data.aws_region.current","mode":"data","type":"aws_region","name":"current","provider_name":"registry.terraform.io/hashicorp/aws","schema_version":0,"values":{"description":"US East (N. Virginia)","endpoint":"ec2.us-east-1.amazonaws.com","id":"us-east-1","name":"us-east-1","region":"us-east-1"},"sensitive_values":{}}]}}},"configuration":{"provider_config":{"archive":{"name":"archive","full_name":"registry.terraform.io/hashicorp/archive"},"aws":{"name":"aws","full_name":"registry.terraform.io/hashicorp/aws","version_constraint":"\u003e= 4.0.0","expressions":{"region":{"references":["var.aws_region"]}}}},"root_module":{"outputs":{"lambda_function_arn":{"expression":{"references":["aws_lambda_function.reminder_bot.arn","aws_lambda_function.reminder_bot"]},"description":"The ARN of the Lambda function."},"lambda_function_name":{"expression":{"references":["aws_lambda_function.reminder_bot.function_name","aws_lambda_function.reminder_bot"]},"description":"The name of the Lambda function."}},"resources":[{"address":"aws_iam_role.lambda_exec","mode":"managed","type":"aws_iam_role","name":"lambda_exec","provider_config_key":"aws","expressions":{"assume_role_policy":{"references":["data.aws_iam_policy_document.lambda_assume_role.json","data.aws_iam_policy_document.lambda_assume_role"]},"name":{"references":["var.function_name"]},"tags":{"references":["var.function_name"]}},"schema_version":0},{"address":"aws_iam_role_policy_attachment.lambda_basic","mode":"managed","type":"aws_iam_role_policy_attachment","name":"lambda_basic","provider_config_key":"aws","expressions":{"policy_arn":{"constant_value":"arn:aws:iam::aws:policy/service-role/AWSLambdaBasicExecutionRole"},"role":{"references":["aws_iam_role.lambda_exec.name","aws_iam_role.lambda_exec"]}},"schema_version":0},{"address":"aws_lambda_function.reminder_bot","mode":"managed","type":"aws_lambda_function","name":"reminder_bot","provider_config_key":"aws","expressions":{"environment":[{"variables":{"constant_value":{"bot_token":"\u003cyour_bot_token\u003e","chat_id":"\u003cyour_chat_id\u003e","end_month_message":"\u003cyour_end_month_message\u003e","half_month_message":"\u003cyour_half_month_message\u003e"}}}],"filename":{"references":["local.lambda_dummy_zip"]},"function_name":{"references":["var.function_name"]},"handler":{"constant_value":"handler.Handler::handleRequest"},"role":{"references":["aws_iam_role.lambda_exec.arn","aws_iam_role.lambda_exec"]},"runtime":{"references":["var.lambda_runtime"]},"source_code_hash":{"references":["data.archive_file.lambda_dummy.output_base64sha256","data.archive_file.lambda_dummy"]},"tags":{"references":["var.function_name"]}},"schema_version":0},{"address":"data.archive_file.lambda_dummy","mode":"data","type":"archive_file","name":"lambda_dummy","provider_config_key":"archive","expressions":{"output_path":{"references":["local.lambda_dummy_zip"]},"source":[{"content":{"constant_value":"exports.handler = async (event) =\u003e {\n  console.log(\"Dummy lambda invoked\");\n  return { statusCode: 200, body: \"dummy\" };\n};\n"},"filename":{"constant_value":"index.js"}}],"type":{"constant_value":"zip"}},"schema_version":0},{"address":"data.aws_caller_identity.current","mode":"data","type":"aws_caller_identity","name":"current","provider_config_key":"aws","schema_version":0},{"address":"data.aws_iam_policy_document.lambda_assume_role","mode":"data","type":"aws_iam_policy_document","name":"lambda_assume_role","provider_config_key":"aws","expressions":{"statement":[{"actions":{"constant_value":["sts:AssumeRole"]},"principals":[{"identifiers":{"constant_value":["lambda.amazonaws.com"]},"type":{"constant_value":"Service"}}]}]},"schema_version":0},{"address":"data.aws_region.current","mode":"data","type":"aws_region","name":"current","provider_config_key":"aws","schema_version":0}],"variables":{"aws_region":{"default":"us-east-1","description":"AWS region to deploy resources in."},"function_name":{"default":"reminder-bot","description":"Name for the Lambda function."},"lambda_runtime":{"default":"java21","description":"Lambda runtime environment."}}}},"relevant_attributes":[{"resource":"aws_iam_role.lambda_exec","attribute":["arn"]},{"resource":"data.aws_iam_policy_document.lambda_assume_role","attribute":["json"]},{"resource":"aws_lambda_function.reminder_bot","attribute":["arn"]},{"resource":"aws_lambda_function.reminder_bot","attribute":["function_name"]},{"resource":"data.archive_file.lambda_dummy","attribute":["output_base64sha256"]},{"resource":"aws_iam_role.lambda_exec","attribute":["name"]}],"timestamp":"2026-01-24T05:31:54Z","applyable":true,"complete":true,"errored":false}
