{
  "version": 4,
  "terraform_version": "1.13.5",
  "serial": 3,
  "lineage": "db1fd6d2-70c2-1ed9-9056-aac2e7247067",
  "outputs": {
    "instance_id": {
      "value": "i-1d748fe0ee2d54671",
      "type": "string"
    },
    "kafka_bootstrap": {
      "value": "54.214.52.17:9093",
      "type": "string"
    },
    "kafka_ui_url": {
      "value": "http://54.214.52.17:8080",
      "type": "string"
    },
    "public_ip": {
      "value": "54.214.52.17",
      "type": "string"
    }
  },
  "resources": [
    {
      "mode": "data",
      "type": "aws_ami",
      "name": "al2023",
      "provider": "provider[\"registry.terraform.io/hashicorp/aws\"]",
      "instances": [
        {
          "schema_version": 0,
          "attributes": {
            "allow_unsafe_filter": null,
            "architecture": "x86_64",
            "arn": "arn:aws:ec2:us-east-1::image/ami-07c1fa5792ef8fe27",
            "block_device_mappings": [
              {
                "device_name": "/dev/xvda",
                "ebs": {
                  "delete_on_termination": "false",
                  "encrypted": "false",
                  "iops": "0",
                  "snapshot_id": "snap-a2116d05e24e57f60",
                  "throughput": "0",
                  "volume_initialization_rate": "0",
                  "volume_size": "15",
                  "volume_type": "standard"
                },
                "no_device": "",
                "virtual_name": ""
              }
            ],
            "boot_mode": "uefi",
            "creation_date": "2026-01-25T14:05:14.000Z",
            "deprecation_time": "",
            "description": "Amazon Linux 2023 AMI 2023.8.20250915.0 x86_64 Minimal HVM kernel-6.1",
            "ena_support": false,
            "executable_users": null,
            "filter": [
              {
                "name": "name",
                "values": [
                  "al2023-ami-*-x86_64"
                ]
              },
              {
                "name": "virtualization-type",
                "values": [
                  "hvm"
                ]
              }
            ],
            "hypervisor": "xen",
            "id": "ami-07c1fa5792ef8fe27",
            "image_id": "ami-07c1fa5792ef8fe27",
            "image_location": "",
            "image_owner_alias": "amazon",
            "image_type": "machine",
            "imds_support": "",
            "include_deprecated": false,
            "kernel_id": "",
            "last_launched_time": "",
            "most_recent": true,
            "name": "al2023-ami-minimal-2023.8.20250915.0-kernel-6.1-x86_64",
            "name_regex": null,
            "owner_id": "137112412989",
            "owners": [
              "amazon"
            ],
            "platform": "",
            "platform_details": "",
            "product_codes": [],
            "public": true,
            "ramdisk_id": "",
            "region": "us-east-1",
            "root_device_name": "/dev/xvda",
            "root_device_type": "ebs",
            "root_snapshot_id": "snap-a2116d05e24e57f60",
            "sriov_net_support": "",
            "state": "available",
            "state_reason": {
              "code": "UNSET",
              "message": "UNSET"
            },
            "tags": {},
            "timeouts": null,
            "tpm_support": "",
            "uefi_data": null,
            "usage_operation": "",
            "virtualization_type": "hvm"
          },
          "sensitive_attributes": [],
          "identity_schema_version": 0
        }
      ]
    },
    {
      "mode": "data",
      "type": "aws_subnets",
      "name": "default",
      "provider": "provider[\"registry.terraform.io/hashicorp/aws\"]",
      "instances": [
        {
          "schema_version": 0,
          "attributes": {
            "filter": [
              {
                "name": "vpc-id",
                "values": [
                  "vpc-dc152f7fef7d97ec4"
                ]
              }
            ],
            "id": "us-east-1",
            "ids": [
              "subnet-df6a4aba86b0933a1",
              "subnet-bcc4518a998395f8e",
              "subnet-0e48ffa9569b9a65c",
              "subnet-5be780a4bb88fe099",
              "subnet-f294256920ec1418c",
              "subnet-e1b2f711e367ad980"
            ],
            "region": "us-east-1",
            "tags": null,
            "timeouts": null
          },
          "sensitive_attributes": [],
          "identity_schema_version": 0
        }
      ]
    },
    {
      "mode": "data",
      "type": "aws_vpc",
      "name": "default",
      "provider": "provider[\"registry.terraform.io/hashicorp/aws\"]",
      "instances": [
        {
          "schema_version": 0,
          "attributes": {
            "arn": "arn:aws:ec2:us-east-1:000000000000:vpc/vpc-dc152f7fef7d97ec4",
            "cidr_block": "172.31.0.0/16",
            "cidr_block_associations": [
              {
                "association_id": "vpc-cidr-assoc-6b8c08c6b872b9a77",
                "cidr_block": "172.31.0.0/16",
                "state": "associated"
              }
            ],
            "default": true,
            "dhcp_options_id": "default",
            "enable_dns_hostnames": true,
            "enable_dns_support": true,
            "enable_network_address_usage_metrics": false,
            "filter": null,
            "id": "vpc-dc152f7fef7d97ec4",
            "instance_tenancy": "default",
            "ipv6_association_id": "",
            "ipv6_cidr_block": "",
            "main_route_table_id": "rtb-53647ce078a845052",
            "owner_id": "000000000000",
            "region": "us-east-1",
            "state": null,
            "tags": {},
            "timeouts": null
          },
          "sensitive_attributes": [],
          "identity_schema_version": 0
        }
      ]
    },
    {
      "mode": "managed",
      "type": "aws_instance",
      "name": "kafka_host",
      "provider": "provider[\"registry.terraform.io/hashicorp/aws\"]",
      "instances": [
        {
          "schema_version": 2,
          "attributes": {
            "ami": "ami-07c1fa5792ef8fe27",
            "arn": "arn:aws:ec2:us-east-1:000000000000:instance/i-1d748fe0ee2d54671",
            "associate_public_ip_address": true,
            "availability_zone": "us-east-1a",
            "capacity_reservation_specification": [],
            "cpu_options": [],
            "credit_specification": [],
            "disable_api_stop": false,
            "disable_api_termination": false,
            "ebs_block_device": [],
            "ebs_optimized": false,
            "enable_primary_ipv6": null,
            "enclave_options": [],
            "ephemeral_block_device": [],
            "force_destroy": false,
            "get_password_data": false,
            "hibernation": false,
            "host_id": "",
            "host_resource_group_arn": null,
            "iam_instance_profile": "",
            "id": "i-1d748fe0ee2d54671",
            "instance_initiated_shutdown_behavior": "stop",
            "instance_lifecycle": "",
            "instance_market_options": [],
            "instance_state": "running",
            "instance_type": "t3.small",
            "ipv6_address_count": 0,
            "ipv6_addresses": [],
            "key_name": "",
            "launch_template": [],
            "maintenance_options": [],
            "metadata_options": [
              {
                "http_endpoint": "enabled",
                "http_protocol_ipv6": "disabled",
                "http_put_response_hop_limit": 1,
                "http_tokens": "optional",
                "instance_metadata_tags": "disabled"
              }
            ],
            "monitoring": false,
            "network_interface": [],
            "outpost_arn": "",
            "password_data": "",
            "placement_group": "",
            "placement_group_id": "",
            "placement_partition_number": 0,
            "primary_network_interface": [
              {
                "delete_on_termination": true,
                "network_interface_id": "eni-2e60e8c205997012b"
              }
            ],
            "primary_network_interface_id": "eni-2e60e8c205997012b",
            "private_dns": "ip-172-31-0-4.ec2.internal",
            "private_dns_name_options": [],
            "private_ip": "172.31.0.4",
            "public_dns": "ec2-54-214-52-17.localhost.localstack.cloud",
            "public_ip": "54.214.52.17",
            "region": "us-east-1",
            "root_block_device": [
              {
                "delete_on_termination": true,
                "device_name": "/dev/sda1",
                "encrypted": false,
                "iops": 0,
                "kms_key_id": "",
                "tags": {
                  "Managed": "terraform",
                  "Project": "test-kafka"
                },
                "tags_all": {
                  "Managed": "terraform",
                  "Project": "test-kafka"
                },
                "throughput": 0,
                "volume_id": "vol-43e221a3cf0d7f74f",
                "volume_size": 8,
                "volume_type": "gp2"
              }
            ],
            "secondary_private_ips": [],
            "security_groups": [],
            "source_dest_check": true,
            "spot_instance_request_id": "",
            "subnet_id": "subnet-df6a4aba86b0933a1",
            "tags": {
              "Name": "test-kafka-host"
            },
            "tags_all": {
              "Managed": "terraform",
              "Name": "test-kafka-host",
              "Project": "test-kafka"
            },
            "tenancy": "default",
            "timeouts": null,
            "user_data": "#!/bin/bash\nset -euxo pipefail\n\ndnf -y update\ndnf -y install docker\nsystemctl enable --now docker\n\n# Install docker compose plugin\nmkdir -p /usr/local/lib/docker/cli-plugins\ncurl -L \"https://github.com/docker/compose/releases/download/v2.24.6/docker-compose-linux-x86_64\" -o /usr/local/lib/docker/cli-plugins/docker-compose\nchmod +x /usr/local/lib/docker/cli-plugins/docker-compose\n\nmkdir -p /opt/test-kafka\ncat \u003e /opt/test-kafka/docker-compose.yml \u003c\u003c'YAML'\nversion: \"3\"\n\nservices:\n  zookeeper:\n    image: confluentinc/cp-zookeeper:7.3.0\n    container_name: zookeeper\n    environment:\n      ZOOKEEPER_CLIENT_PORT: 2181\n      ZOOKEEPER_TICK_TIME: 2000\n    networks:\n      - kafka-network\n\n  broker:\n    image: confluentinc/cp-kafka:7.3.0\n    container_name: broker\n    depends_on:\n      - zookeeper\n    ports:\n      - \"9093:9093\"\n    environment:\n      KAFKA_BROKER_ID: 1\n      KAFKA_ZOOKEEPER_CONNECT: \"zookeeper:2181\"\n      KAFKA_LISTENER_SECURITY_PROTOCOL_MAP: PLAINTEXT:PLAINTEXT,PLAINTEXT_INTERNAL:PLAINTEXT,PLAINTEXT_HOST:PLAINTEXT\n      # Advertise the instance public IP for the host listener\n      KAFKA_ADVERTISED_LISTENERS: \"PLAINTEXT://broker:9092,PLAINTEXT_INTERNAL://broker:29092,PLAINTEXT_HOST://$(curl -s http://169.254.169.254/latest/meta-data/public-ipv4):9093\"\n      KAFKA_OFFSETS_TOPIC_REPLICATION_FACTOR: 1\n      KAFKA_TRANSACTION_STATE_LOG_MIN_ISR: 1\n      KAFKA_TRANSACTION_STATE_LOG_REPLICATION_FACTOR: 1\n    networks:\n      - kafka-network\n\n  kafka-ui:\n    image: provectuslabs/kafka-ui\n    container_name: kafka-ui\n    ports:\n      - \"8080:8080\"\n    restart: always\n    environment:\n      KAFKA_CLUSTERS_0_NAME: local\n      KAFKA_CLUSTERS_0_BOOTSTRAPSERVERS: broker:9092\n      KAFKA_CLUSTERS_0_ZOOKEEPER: zookeeper:2181\n    depends_on:\n      - broker\n      - zookeeper\n    networks:\n      - kafka-network\n\n  proxy-manager:\n    image: 'jc21/nginx-proxy-manager:latest'\n    restart: unless-stopped\n    ports:\n      - '80:80'\n      - '81:81'\n      - '443:443'\n    volumes:\n      - ./data:/data\n      - ./letsencrypt:/etc/letsencrypt\n    networks:\n      - kafka-network\n\nnetworks:\n  kafka-network:\n    driver: bridge\nYAML\n\ncd /opt/test-kafka\ndocker compose up -d\n",
            "user_data_base64": null,
            "user_data_replace_on_change": false,
            "volume_tags": null,
            "vpc_security_group_ids": [
              "sg-416f15257a97923f7"
            ]
          },
          "sensitive_attributes": [],
          "identity_schema_version": 0,
          "identity": {
            "account_id": "000000000000",
            "id": "i-1d748fe0ee2d54671",
            "region": "us-east-1"
          },
          "private": "eyJlMmJmYjczMC1lY2FhLTExZTYtOGY4OC0zNDM2M2JjN2M0YzAiOnsiY3JlYXRlIjo2MDAwMDAwMDAwMDAsImRlbGV0ZSI6MTIwMDAwMDAwMDAwMCwicmVhZCI6OTAwMDAwMDAwMDAwLCJ1cGRhdGUiOjYwMDAwMDAwMDAwMH0sInNjaGVtYV92ZXJzaW9uIjoiMiJ9",
          "dependencies": [
            "aws_key_pair.this",
            "aws_security_group.kafka_host",
            "data.aws_ami.al2023",
            "data.aws_subnets.default",
            "data.aws_vpc.default"
          ]
        }
      ]
    },
    {
      "mode": "managed",
      "type": "aws_security_group",
      "name": "kafka_host",
      "provider": "provider[\"registry.terraform.io/hashicorp/aws\"]",
      "instances": [
        {
          "schema_version": 1,
          "attributes": {
            "arn": "arn:aws:ec2:us-east-1:000000000000:security-group/sg-416f15257a97923f7",
            "description": "Security group for single-node Kafka docker host",
            "egress": [
              {
                "cidr_blocks": [
                  "0.0.0.0/0"
                ],
                "description": "",
                "from_port": 0,
                "ipv6_cidr_blocks": [],
                "prefix_list_ids": [],
                "protocol": "-1",
                "security_groups": [],
                "self": false,
                "to_port": 0
              }
            ],
            "id": "sg-416f15257a97923f7",
            "ingress": [
              {
                "cidr_blocks": [
                  "0.0.0.0/0"
                ],
                "description": "Kafka UI",
                "from_port": 8080,
                "ipv6_cidr_blocks": [],
                "prefix_list_ids": [],
                "protocol": "tcp",
                "security_groups": [],
                "self": false,
                "to_port": 8080
              },
              {
                "cidr_blocks": [
                  "0.0.0.0/0"
                ],
                "description": "Kafka external listener (as in docker-compose 9093)",
                "from_port": 9093,
                "ipv6_cidr_blocks": [],
                "prefix_list_ids": [],
                "protocol": "tcp",
                "security_groups": [],
                "self": false,
                "to_port": 9093
              },
              {
                "cidr_blocks": [
                  "0.0.0.0/0"
                ],
                "description": "Nginx Proxy Manager Admin",
                "from_port": 81,
                "ipv6_cidr_blocks": [],
                "prefix_list_ids": [],
                "protocol": "tcp",
                "security_groups": [],
                "self": false,
                "to_port": 81
              },
              {
                "cidr_blocks": [
                  "0.0.0.0/0"
                ],
                "description": "Nginx Proxy Manager HTTP",
                "from_port": 80,
                "ipv6_cidr_blocks": [],
                "prefix_list_ids": [],
                "protocol": "tcp",
                "security_groups": [],
                "self": false,
                "to_port": 80
              },
              {
                "cidr_blocks": [
                  "0.0.0.0/0"
                ],
                "description": "Nginx Proxy Manager HTTPS",
                "from_port": 443,
                "ipv6_cidr_blocks": [],
                "prefix_list_ids": [],
                "protocol": "tcp",
                "security_groups": [],
                "self": false,
                "to_port": 443
              },
              {
                "cidr_blocks": [
                  "0.0.0.0/0"
                ],
                "description": "SSH",
                "from_port": 22,
                "ipv6_cidr_blocks": [],
                "prefix_list_ids": [],
                "protocol": "tcp",
                "security_groups": [],
                "self": false,
                "to_port": 22
              }
            ],
            "name": "test-kafka-sg-20260125140525030300000001",
            "name_prefix": "test-kafka-sg-",
            "owner_id": "000000000000",
            "region": "us-east-1",
            "revoke_rules_on_delete": false,
            "tags": null,
            "tags_all": {
              "Managed": "terraform",
              "Project": "test-kafka"
            },
            "timeouts": null,
            "vpc_id": "vpc-dc152f7fef7d97ec4"
          },
          "sensitive_attributes": [],
          "identity_schema_version": 0,
          "identity": {
            "account_id": "000000000000",
            "id": "sg-416f15257a97923f7",
            "region": "us-east-1"
          },
          "private": "eyJlMmJmYjczMC1lY2FhLTExZTYtOGY4OC0zNDM2M2JjN2M0YzAiOnsiY3JlYXRlIjo2MDAwMDAwMDAwMDAsImRlbGV0ZSI6OTAwMDAwMDAwMDAwfSwic2NoZW1hX3ZlcnNpb24iOiIxIn0=",
          "dependencies": [
            "data.aws_vpc.default"
          ]
        }
      ]
    }
  ],
  "check_results": null
}
