{
  "version": 4,
  "terraform_version": "1.13.5",
  "serial": 1,
  "lineage": "12d96b04-d1fb-c892-2974-82a22e4bbdc0",
  "outputs": {
    "sample_object_key": {
      "value": "images/lp1.jpeg",
      "type": "string"
    }
  },
  "resources": [
    {
      "mode": "managed",
      "type": "random_id",
      "name": "bucket_suffix",
      "provider": "provider[\"registry.terraform.io/hashicorp/random\"]",
      "instances": [
        {
          "schema_version": 0,
          "attributes": {
            "b64_std": "es/RZg==",
            "b64_url": "es_RZg",
            "byte_length": 4,
            "dec": "2060439910",
            "hex": "7acfd166",
            "id": "es_RZg",
            "keepers": null,
            "prefix": null
          },
          "sensitive_attributes": [],
          "identity_schema_version": 0
        }
      ]
    }
  ],
  "check_results": null
}
