
Terraform used the selected providers to generate the following execution
plan. Resource actions are indicated with the following symbols:
  + create

Terraform will perform the following actions:

  # aws_instance.chatapp_server will be created
  + resource "aws_instance" "chatapp_server" {
      + ami                                  = "ami-0ad21ae1d0696ad58"
      + arn                                  = (known after apply)
      + associate_public_ip_address          = true
      + availability_zone                    = "ap-south-1a"
      + disable_api_stop                     = (known after apply)
      + disable_api_termination              = (known after apply)
      + ebs_optimized                        = (known after apply)
      + enable_primary_ipv6                  = (known after apply)
      + force_destroy                        = false
      + get_password_data                    = false
      + host_id                              = (known after apply)
      + host_resource_group_arn              = (known after apply)
      + iam_instance_profile                 = (known after apply)
      + id                                   = (known after apply)
      + instance_initiated_shutdown_behavior = (known after apply)
      + instance_lifecycle                   = (known after apply)
      + instance_state                       = (known after apply)
      + instance_type                        = "t2.micro"
      + ipv6_address_count                   = (known after apply)
      + ipv6_addresses                       = (known after apply)
      + key_name                             = "generated-key-pair"
      + monitoring                           = (known after apply)
      + outpost_arn                          = (known after apply)
      + password_data                        = (known after apply)
      + placement_group                      = (known after apply)
      + placement_group_id                   = (known after apply)
      + placement_partition_number           = (known after apply)
      + primary_network_interface_id         = (known after apply)
      + private_dns                          = (known after apply)
      + private_ip                           = (known after apply)
      + public_dns                           = (known after apply)
      + public_ip                            = (known after apply)
      + region                               = "ap-south-1"
      + secondary_private_ips                = (known after apply)
      + security_groups                      = (known after apply)
      + source_dest_check                    = true
      + spot_instance_request_id             = (known after apply)
      + subnet_id                            = (known after apply)
      + tags                                 = {
          + "Name" = "Server-Web"
        }
      + tags_all                             = {
          + "Name" = "Server-Web"
        }
      + tenancy                              = (known after apply)
      + user_data_base64                     = (known after apply)
      + user_data_replace_on_change          = false
      + vpc_security_group_ids               = (known after apply)

      + capacity_reservation_specification (known after apply)

      + cpu_options (known after apply)

      + ebs_block_device (known after apply)

      + enclave_options (known after apply)

      + ephemeral_block_device (known after apply)

      + instance_market_options (known after apply)

      + maintenance_options (known after apply)

      + metadata_options (known after apply)

      + network_interface (known after apply)

      + primary_network_interface (known after apply)

      + private_dns_name_options (known after apply)

      + root_block_device (known after apply)
    }

  # aws_internet_gateway.igw-chat will be created
  + resource "aws_internet_gateway" "igw-chat" {
      + arn      = (known after apply)
      + id       = (known after apply)
      + owner_id = (known after apply)
      + region   = "ap-south-1"
      + tags     = {
          + "Name" = "intgateway-chatapp"
        }
      + tags_all = {
          + "Name" = "intgateway-chatapp"
        }
      + vpc_id   = (known after apply)
    }

  # aws_key_pair.generated_key_pair will be created
  + resource "aws_key_pair" "generated_key_pair" {
      + arn             = (known after apply)
      + fingerprint     = (known after apply)
      + id              = (known after apply)
      + key_name        = "generated-key-pair"
      + key_name_prefix = (known after apply)
      + key_pair_id     = (known after apply)
      + key_type        = (known after apply)
      + public_key      = (known after apply)
      + region          = "ap-south-1"
      + tags_all        = (known after apply)
    }

  # aws_main_route_table_association.mainrt-chatapp will be created
  + resource "aws_main_route_table_association" "mainrt-chatapp" {
      + id                      = (known after apply)
      + original_route_table_id = (known after apply)
      + region                  = "ap-south-1"
      + route_table_id          = (known after apply)
      + vpc_id                  = (known after apply)
    }

  # aws_route_table.route-chatapp will be created
  + resource "aws_route_table" "route-chatapp" {
      + arn              = (known after apply)
      + id               = (known after apply)
      + owner_id         = (known after apply)
      + propagating_vgws = (known after apply)
      + region           = "ap-south-1"
      + route            = [
          + {
              + cidr_block                 = "0.0.0.0/0"
              + gateway_id                 = (known after apply)
                # (11 unchanged attributes hidden)
            },
        ]
      + tags             = {
          + "Name" = "route_table_chatapp"
        }
      + tags_all         = {
          + "Name" = "route_table_chatapp"
        }
      + vpc_id           = (known after apply)
    }

  # aws_security_group.allow_ports will be created
  + resource "aws_security_group" "allow_ports" {
      + arn                    = (known after apply)
      + description            = "Managed by Terraform"
      + egress                 = [
          + {
              + cidr_blocks      = [
                  + "0.0.0.0/0",
                ]
              + from_port        = 0
              + ipv6_cidr_blocks = [
                  + "::/0",
                ]
              + prefix_list_ids  = []
              + protocol         = "-1"
              + security_groups  = []
              + self             = false
              + to_port          = 0
                # (1 unchanged attribute hidden)
            },
        ]
      + id                     = (known after apply)
      + ingress                = [
          + {
              + cidr_blocks      = [
                  + "0.0.0.0/0",
                ]
              + description      = "Docker Compose Port"
              + from_port        = 12345
              + ipv6_cidr_blocks = []
              + prefix_list_ids  = []
              + protocol         = "tcp"
              + security_groups  = []
              + self             = false
              + to_port          = 12345
            },
          + {
              + cidr_blocks      = [
                  + "0.0.0.0/0",
                ]
              + description      = "HTTP FROM VPC"
              + from_port        = 80
              + ipv6_cidr_blocks = []
              + prefix_list_ids  = []
              + protocol         = "tcp"
              + security_groups  = []
              + self             = false
              + to_port          = 80
            },
          + {
              + cidr_blocks      = [
                  + "0.0.0.0/0",
                ]
              + description      = "HTTPS FROM VPC"
              + from_port        = 443
              + ipv6_cidr_blocks = []
              + prefix_list_ids  = []
              + protocol         = "tcp"
              + security_groups  = []
              + self             = false
              + to_port          = 443
            },
          + {
              + cidr_blocks      = [
                  + "0.0.0.0/0",
                ]
              + description      = "SSH FROM VPC"
              + from_port        = 22
              + ipv6_cidr_blocks = []
              + prefix_list_ids  = []
              + protocol         = "tcp"
              + security_groups  = []
              + self             = false
              + to_port          = 22
            },
        ]
      + name                   = (known after apply)
      + name_prefix            = (known after apply)
      + owner_id               = (known after apply)
      + region                 = "ap-south-1"
      + revoke_rules_on_delete = false
      + tags                   = {
          + "Name" = "allow web"
        }
      + tags_all               = {
          + "Name" = "allow web"
        }
      + vpc_id                 = (known after apply)
    }

  # aws_subnet.subnet-chatapp-1 will be created
  + resource "aws_subnet" "subnet-chatapp-1" {
      + arn                                            = (known after apply)
      + assign_ipv6_address_on_creation                = false
      + availability_zone                              = "ap-south-1a"
      + availability_zone_id                           = (known after apply)
      + cidr_block                                     = "10.0.1.0/24"
      + enable_dns64                                   = false
      + enable_resource_name_dns_a_record_on_launch    = false
      + enable_resource_name_dns_aaaa_record_on_launch = false
      + id                                             = (known after apply)
      + ipv6_cidr_block_association_id                 = (known after apply)
      + ipv6_native                                    = false
      + map_public_ip_on_launch                        = true
      + owner_id                                       = (known after apply)
      + private_dns_hostname_type_on_launch            = (known after apply)
      + region                                         = "ap-south-1"
      + tags                                           = {
          + "Name" = "subnet-chatapp"
        }
      + tags_all                                       = {
          + "Name" = "subnet-chatapp"
        }
      + vpc_id                                         = (known after apply)
    }

  # aws_vpc.vpc-chat will be created
  + resource "aws_vpc" "vpc-chat" {
      + arn                                  = (known after apply)
      + cidr_block                           = "10.0.0.0/16"
      + default_network_acl_id               = (known after apply)
      + default_route_table_id               = (known after apply)
      + default_security_group_id            = (known after apply)
      + dhcp_options_id                      = (known after apply)
      + enable_dns_hostnames                 = (known after apply)
      + enable_dns_support                   = true
      + enable_network_address_usage_metrics = (known after apply)
      + id                                   = (known after apply)
      + instance_tenancy                     = "default"
      + ipv6_association_id                  = (known after apply)
      + ipv6_cidr_block                      = (known after apply)
      + ipv6_cidr_block_network_border_group = (known after apply)
      + main_route_table_id                  = (known after apply)
      + owner_id                             = (known after apply)
      + region                               = "ap-south-1"
      + tags_all                             = (known after apply)
    }

  # local_file.TF_key will be created
  + resource "local_file" "TF_key" {
      + content              = (sensitive value)
      + content_base64sha256 = (known after apply)
      + content_base64sha512 = (known after apply)
      + content_md5          = (known after apply)
      + content_sha1         = (known after apply)
      + content_sha256       = (known after apply)
      + content_sha512       = (known after apply)
      + directory_permission = "0777"
      + file_permission      = "0777"
      + filename             = "./generated-key.pem"
      + id                   = (known after apply)
    }

  # tls_private_key.example will be created
  + resource "tls_private_key" "example" {
      + algorithm                     = "RSA"
      + ecdsa_curve                   = "P224"
      + id                            = (known after apply)
      + private_key_openssh           = (sensitive value)
      + private_key_pem               = (sensitive value)
      + private_key_pem_pkcs8         = (sensitive value)
      + public_key_fingerprint_md5    = (known after apply)
      + public_key_fingerprint_sha256 = (known after apply)
      + public_key_openssh            = (known after apply)
      + public_key_pem                = (known after apply)
      + rsa_bits                      = 2048
    }

Plan: 10 to add, 0 to change, 0 to destroy.

Changes to Outputs:
  + private_key = (sensitive value)
tls_private_key.example: Creating...
aws_vpc.vpc-chat: Creating...
tls_private_key.example: Creation complete after 0s [id=eb8c548f9c267d5b3debe9c026dec1598c6e0867]
aws_key_pair.generated_key_pair: Creating...
local_file.TF_key: Creating...
local_file.TF_key: Creation complete after 0s [id=636cf24599ab03fc2d5b049bfa51dc06412883b7]
aws_key_pair.generated_key_pair: Creation complete after 1s [id=generated-key-pair]
aws_vpc.vpc-chat: Creation complete after 1s [id=vpc-712953ec5fc99f3d6]
aws_internet_gateway.igw-chat: Creating...
aws_subnet.subnet-chatapp-1: Creating...
aws_security_group.allow_ports: Creating...
aws_internet_gateway.igw-chat: Creation complete after 0s [id=igw-19571f3b6249020eb]
aws_route_table.route-chatapp: Creating...
aws_security_group.allow_ports: Creation complete after 0s [id=sg-b3c55ef33e9f8c3f6]
aws_route_table.route-chatapp: Creation complete after 0s [id=rtb-2bc855ca137f4f1f8]
aws_main_route_table_association.mainrt-chatapp: Creating...
aws_main_route_table_association.mainrt-chatapp: Creation complete after 0s [id=rtbassoc-a253b52a1d1867094]
aws_subnet.subnet-chatapp-1: Still creating... [00m10s elapsed]
aws_subnet.subnet-chatapp-1: Creation complete after 10s [id=subnet-3ac676501f4790af4]
aws_instance.chatapp_server: Creating...
