data.aws_availability_zones.available: Reading...
data.aws_ami.al2023: Reading...
data.aws_availability_zones.available: Read complete after 0s [id=us-west-2]
data.aws_ami.al2023: Read complete after 4s [id=ami-06a974f9b8a97ecf2]

Terraform used the selected providers to generate the following execution
plan. Resource actions are indicated with the following symbols:
  + create

Terraform will perform the following actions:

  # aws_iam_instance_profile.ec2 will be created
  + resource "aws_iam_instance_profile" "ec2" {
      + arn         = (known after apply)
      + create_date = (known after apply)
      + id          = (known after apply)
      + name        = "express-ec2-dev-ec2-profile"
      + name_prefix = (known after apply)
      + path        = "/"
      + role        = "express-ec2-dev-ec2-role"
      + tags_all    = {
          + "Environment" = "dev"
          + "ManagedBy"   = "terraform"
          + "Project"     = "express-ec2"
        }
      + unique_id   = (known after apply)
    }

  # aws_iam_role.ec2 will be created
  + resource "aws_iam_role" "ec2" {
      + arn                   = (known after apply)
      + assume_role_policy    = jsonencode(
            {
              + Statement = [
                  + {
                      + Action    = "sts:AssumeRole"
                      + Effect    = "Allow"
                      + Principal = {
                          + Service = "ec2.amazonaws.com"
                        }
                    },
                ]
              + Version   = "2012-10-17"
            }
        )
      + create_date           = (known after apply)
      + force_detach_policies = false
      + id                    = (known after apply)
      + managed_policy_arns   = (known after apply)
      + max_session_duration  = 3600
      + name                  = "express-ec2-dev-ec2-role"
      + name_prefix           = (known after apply)
      + path                  = "/"
      + tags_all              = {
          + "Environment" = "dev"
          + "ManagedBy"   = "terraform"
          + "Project"     = "express-ec2"
        }
      + unique_id             = (known after apply)

      + inline_policy (known after apply)
    }

  # aws_iam_role_policy_attachment.ssm will be created
  + resource "aws_iam_role_policy_attachment" "ssm" {
      + id         = (known after apply)
      + policy_arn = "arn:aws:iam::aws:policy/AmazonSSMManagedInstanceCore"
      + role       = "express-ec2-dev-ec2-role"
    }

  # aws_instance.app will be created
  + resource "aws_instance" "app" {
      + ami                                  = "ami-06a974f9b8a97ecf2"
      + arn                                  = (known after apply)
      + associate_public_ip_address          = true
      + availability_zone                    = (known after apply)
      + disable_api_stop                     = (known after apply)
      + disable_api_termination              = (known after apply)
      + ebs_optimized                        = (known after apply)
      + enable_primary_ipv6                  = (known after apply)
      + force_destroy                        = false
      + get_password_data                    = false
      + host_id                              = (known after apply)
      + host_resource_group_arn              = (known after apply)
      + iam_instance_profile                 = "express-ec2-dev-ec2-profile"
      + id                                   = (known after apply)
      + instance_initiated_shutdown_behavior = (known after apply)
      + instance_lifecycle                   = (known after apply)
      + instance_state                       = (known after apply)
      + instance_type                        = "t3.micro"
      + ipv6_address_count                   = (known after apply)
      + ipv6_addresses                       = (known after apply)
      + key_name                             = "ai-tf"
      + monitoring                           = (known after apply)
      + outpost_arn                          = (known after apply)
      + password_data                        = (known after apply)
      + placement_group                      = (known after apply)
      + placement_group_id                   = (known after apply)
      + placement_partition_number           = (known after apply)
      + primary_network_interface_id         = (known after apply)
      + private_dns                          = (known after apply)
      + private_ip                           = (known after apply)
      + public_dns                           = (known after apply)
      + public_ip                            = (known after apply)
      + region                               = "us-west-2"
      + secondary_private_ips                = (known after apply)
      + security_groups                      = (known after apply)
      + source_dest_check                    = true
      + spot_instance_request_id             = (known after apply)
      + subnet_id                            = (known after apply)
      + tags                                 = {
          + "Name" = "express-ec2-dev-ec2"
        }
      + tags_all                             = {
          + "Environment" = "dev"
          + "ManagedBy"   = "terraform"
          + "Name"        = "express-ec2-dev-ec2"
          + "Project"     = "express-ec2"
        }
      + tenancy                              = (known after apply)
      + user_data                            = <<-EOT
            #!/bin/bash
            set -euo pipefail
            
            # Basic OS setup
            dnf update -y
            
            # Install Node.js (Amazon Linux 2023)
            dnf install -y nodejs npm git
            
            # Create app user
            id -u nodeapp &>/dev/null || useradd -m -s /bin/bash nodeapp
            
            APP_DIR=/opt/app
            mkdir -p $APP_DIR
            chown -R nodeapp:nodeapp $APP_DIR
            
            # NOTE: This is a minimal bootstrap. It does not pull your repo automatically.
            # You can SSH/SSM in and deploy your code, or extend this script to fetch from Git.
            
            cat >/etc/systemd/system/express-app.service <<'UNIT'
            [Unit]
            Description=Express App
            After=network.target
            
            [Service]
            Type=simple
            User=nodeapp
            WorkingDirectory=/opt/app
            Environment=PORT=3000
            ExecStart=/usr/bin/node /opt/app/server.js
            Restart=always
            RestartSec=5
            
            [Install]
            WantedBy=multi-user.target
            UNIT
            
            systemctl daemon-reload
            systemctl enable express-app.service
            
            # If you later copy server.js into /opt/app, you can start the service:
            # systemctl start express-app.service
        EOT
      + user_data_base64                     = (known after apply)
      + user_data_replace_on_change          = false
      + vpc_security_group_ids               = (known after apply)

      + capacity_reservation_specification (known after apply)

      + cpu_options (known after apply)

      + ebs_block_device (known after apply)

      + enclave_options (known after apply)

      + ephemeral_block_device (known after apply)

      + instance_market_options (known after apply)

      + maintenance_options (known after apply)

      + metadata_options {
          + http_endpoint               = "enabled"
          + http_protocol_ipv6          = "disabled"
          + http_put_response_hop_limit = (known after apply)
          + http_tokens                 = "required"
          + instance_metadata_tags      = (known after apply)
        }

      + network_interface (known after apply)

      + primary_network_interface (known after apply)

      + private_dns_name_options (known after apply)

      + root_block_device {
          + delete_on_termination = true
          + device_name           = (known after apply)
          + encrypted             = true
          + iops                  = (known after apply)
          + kms_key_id            = (known after apply)
          + tags_all              = (known after apply)
          + throughput            = (known after apply)
          + volume_id             = (known after apply)
          + volume_size           = 16
          + volume_type           = "gp3"
        }
    }

  # aws_internet_gateway.this will be created
  + resource "aws_internet_gateway" "this" {
      + arn      = (known after apply)
      + id       = (known after apply)
      + owner_id = (known after apply)
      + region   = "us-west-2"
      + tags     = {
          + "Name" = "express-ec2-dev-igw"
        }
      + tags_all = {
          + "Environment" = "dev"
          + "ManagedBy"   = "terraform"
          + "Name"        = "express-ec2-dev-igw"
          + "Project"     = "express-ec2"
        }
      + vpc_id   = (known after apply)
    }

  # aws_route_table.public will be created
  + resource "aws_route_table" "public" {
      + arn              = (known after apply)
      + id               = (known after apply)
      + owner_id         = (known after apply)
      + propagating_vgws = (known after apply)
      + region           = "us-west-2"
      + route            = [
          + {
              + cidr_block                 = "0.0.0.0/0"
              + gateway_id                 = (known after apply)
                # (11 unchanged attributes hidden)
            },
        ]
      + tags             = {
          + "Name" = "express-ec2-dev-public-rt"
        }
      + tags_all         = {
          + "Environment" = "dev"
          + "ManagedBy"   = "terraform"
          + "Name"        = "express-ec2-dev-public-rt"
          + "Project"     = "express-ec2"
        }
      + vpc_id           = (known after apply)
    }

  # aws_route_table_association.public will be created
  + resource "aws_route_table_association" "public" {
      + id             = (known after apply)
      + region         = "us-west-2"
      + route_table_id = (known after apply)
      + subnet_id      = (known after apply)
    }

  # aws_security_group.instance will be created
  + resource "aws_security_group" "instance" {
      + arn                    = (known after apply)
      + description            = "Security group for Express EC2 instance"
      + egress                 = [
          + {
              + cidr_blocks      = [
                  + "0.0.0.0/0",
                ]
              + description      = "All outbound"
              + from_port        = 0
              + ipv6_cidr_blocks = []
              + prefix_list_ids  = []
              + protocol         = "-1"
              + security_groups  = []
              + self             = false
              + to_port          = 0
            },
        ]
      + id                     = (known after apply)
      + ingress                = [
          + {
              + cidr_blocks      = [
                  + "0.0.0.0/0",
                ]
              + description      = "HTTP to Express app"
              + from_port        = 3000
              + ipv6_cidr_blocks = []
              + prefix_list_ids  = []
              + protocol         = "tcp"
              + security_groups  = []
              + self             = false
              + to_port          = 3000
            },
          + {
              + cidr_blocks      = [
                  + "0.0.0.0/0",
                ]
              + description      = "SSH"
              + from_port        = 22
              + ipv6_cidr_blocks = []
              + prefix_list_ids  = []
              + protocol         = "tcp"
              + security_groups  = []
              + self             = false
              + to_port          = 22
            },
        ]
      + name                   = "express-ec2-dev-sg"
      + name_prefix            = (known after apply)
      + owner_id               = (known after apply)
      + region                 = "us-west-2"
      + revoke_rules_on_delete = false
      + tags                   = {
          + "Name" = "express-ec2-dev-sg"
        }
      + tags_all               = {
          + "Environment" = "dev"
          + "ManagedBy"   = "terraform"
          + "Name"        = "express-ec2-dev-sg"
          + "Project"     = "express-ec2"
        }
      + vpc_id                 = (known after apply)
    }

  # aws_subnet.public will be created
  + resource "aws_subnet" "public" {
      + arn                                            = (known after apply)
      + assign_ipv6_address_on_creation                = false
      + availability_zone                              = "us-west-2a"
      + availability_zone_id                           = (known after apply)
      + cidr_block                                     = "10.0.1.0/24"
      + enable_dns64                                   = false
      + enable_resource_name_dns_a_record_on_launch    = false
      + enable_resource_name_dns_aaaa_record_on_launch = false
      + id                                             = (known after apply)
      + ipv6_cidr_block_association_id                 = (known after apply)
      + ipv6_native                                    = false
      + map_public_ip_on_launch                        = true
      + owner_id                                       = (known after apply)
      + private_dns_hostname_type_on_launch            = (known after apply)
      + region                                         = "us-west-2"
      + tags                                           = {
          + "Name" = "express-ec2-dev-public-us-west-2a"
        }
      + tags_all                                       = {
          + "Environment" = "dev"
          + "ManagedBy"   = "terraform"
          + "Name"        = "express-ec2-dev-public-us-west-2a"
          + "Project"     = "express-ec2"
        }
      + vpc_id                                         = (known after apply)
    }

  # aws_vpc.this will be created
  + resource "aws_vpc" "this" {
      + arn                                  = (known after apply)
      + cidr_block                           = "10.0.0.0/16"
      + default_network_acl_id               = (known after apply)
      + default_route_table_id               = (known after apply)
      + default_security_group_id            = (known after apply)
      + dhcp_options_id                      = (known after apply)
      + enable_dns_hostnames                 = true
      + enable_dns_support                   = true
      + enable_network_address_usage_metrics = (known after apply)
      + id                                   = (known after apply)
      + instance_tenancy                     = "default"
      + ipv6_association_id                  = (known after apply)
      + ipv6_cidr_block                      = (known after apply)
      + ipv6_cidr_block_network_border_group = (known after apply)
      + main_route_table_id                  = (known after apply)
      + owner_id                             = (known after apply)
      + region                               = "us-west-2"
      + tags                                 = {
          + "Name" = "express-ec2-dev-vpc"
        }
      + tags_all                             = {
          + "Environment" = "dev"
          + "ManagedBy"   = "terraform"
          + "Name"        = "express-ec2-dev-vpc"
          + "Project"     = "express-ec2"
        }
    }

Plan: 10 to add, 0 to change, 0 to destroy.

Changes to Outputs:
  + instance_public_dns = (known after apply)
  + instance_public_ip  = (known after apply)
  + ssh_command         = (known after apply)
aws_iam_role.ec2: Creating...
aws_vpc.this: Creating...
aws_iam_role.ec2: Creation complete after 0s [id=express-ec2-dev-ec2-role]
aws_iam_role_policy_attachment.ssm: Creating...
aws_iam_instance_profile.ec2: Creating...
aws_iam_role_policy_attachment.ssm: Creation complete after 0s [id=express-ec2-dev-ec2-role/arn:aws:iam::aws:policy/AmazonSSMManagedInstanceCore]
aws_iam_instance_profile.ec2: Creation complete after 5s [id=express-ec2-dev-ec2-profile]
aws_vpc.this: Still creating... [00m10s elapsed]
aws_vpc.this: Creation complete after 10s [id=vpc-70a0080f449e30d8b]
aws_internet_gateway.this: Creating...
aws_subnet.public: Creating...
aws_security_group.instance: Creating...
aws_internet_gateway.this: Creation complete after 0s [id=igw-fc9f2fdab83b77868]
aws_route_table.public: Creating...
aws_security_group.instance: Creation complete after 0s [id=sg-b5b0b3b2d3c40ad43]
aws_route_table.public: Creation complete after 0s [id=rtb-04f365fceb37b5b34]
aws_subnet.public: Still creating... [00m10s elapsed]
aws_subnet.public: Creation complete after 10s [id=subnet-cf3beedf9ea1184b6]
aws_route_table_association.public: Creating...
aws_instance.app: Creating...
aws_route_table_association.public: Creation complete after 0s [id=rtbassoc-0f08e9cdcb823e0bd]
aws_instance.app: Still creating... [00m10s elapsed]
aws_instance.app: Still creating... [00m20s elapsed]
aws_instance.app: Creation complete after 20s [id=i-55979498df8f700f6]

Apply complete! Resources: 10 added, 0 changed, 0 destroyed.

Outputs:

instance_public_dns = "ec2-54-214-42-200.us-west-2.localhost.localstack.cloud"
instance_public_ip = "54.214.42.200"
ssh_command = "ssh -i <path-to-your-key.pem> ec2-user@ec2-54-214-42-200.us-west-2.localhost.localstack.cloud"
