data.archive_file.lambda_dummy: Reading...
data.archive_file.lambda_dummy: Read complete after 0s [id=58e93fade67637870be5af38eff8d5aa66c7da49]
data.aws_caller_identity.current: Reading...
data.aws_caller_identity.current: Read complete after 0s [id=000000000000]

Terraform used the selected providers to generate the following execution
plan. Resource actions are indicated with the following symbols:
  + create

Terraform will perform the following actions:

  # aws_ecr_repository.gitops_ecr will be created
  + resource "aws_ecr_repository" "gitops_ecr" {
      + arn                  = (known after apply)
      + force_delete         = true
      + id                   = (known after apply)
      + image_tag_mutability = "MUTABLE"
      + name                 = "aws-iam-gitops"
      + region               = "us-east-1"
      + registry_id          = (known after apply)
      + repository_url       = (known after apply)
      + tags                 = {
          + "Name" = "aws-iam-gitops-ecr-31"
        }
      + tags_all             = {
          + "Name" = "aws-iam-gitops-ecr-31"
        }
    }

  # aws_iam_policy.lambda_policy will be created
  + resource "aws_iam_policy" "lambda_policy" {
      + arn              = (known after apply)
      + attachment_count = (known after apply)
      + description      = "Policy for Lambda to access ECR, CloudWatch, IAM, Organizations, and GitHub."
      + id               = (known after apply)
      + name             = "aws-iam-gitops-lambda-permissions-31"
      + name_prefix      = (known after apply)
      + path             = "/"
      + policy           = jsonencode(
            {
              + Statement = [
                  + {
                      + Action   = [
                          + "ecr:GetAuthorizationToken",
                          + "ecr:BatchCheckLayerAvailability",
                          + "ecr:GetDownloadUrlForLayer",
                          + "ecr:BatchGetImage",
                          + "logs:CreateLogGroup",
                          + "logs:CreateLogStream",
                          + "logs:PutLogEvents",
                          + "iam:List*",
                          + "iam:Get*",
                          + "organizations:List*",
                          + "organizations:Describe*",
                        ]
                      + Effect   = "Allow"
                      + Resource = "*"
                    },
                ]
              + Version   = "2012-10-17"
            }
        )
      + policy_id        = (known after apply)
      + tags_all         = (known after apply)
    }

  # aws_iam_role.lambda_exec will be created
  + resource "aws_iam_role" "lambda_exec" {
      + arn                   = (known after apply)
      + assume_role_policy    = jsonencode(
            {
              + Statement = [
                  + {
                      + Action    = "sts:AssumeRole"
                      + Effect    = "Allow"
                      + Principal = {
                          + Service = "lambda.amazonaws.com"
                        }
                    },
                ]
              + Version   = "2012-10-17"
            }
        )
      + create_date           = (known after apply)
      + force_detach_policies = false
      + id                    = (known after apply)
      + managed_policy_arns   = (known after apply)
      + max_session_duration  = 3600
      + name                  = "aws-iam-gitops-lambda-role-31"
      + name_prefix           = (known after apply)
      + path                  = "/"
      + tags                  = {
          + "Name" = "aws-iam-gitops-lambda-role-31"
        }
      + tags_all              = {
          + "Name" = "aws-iam-gitops-lambda-role-31"
        }
      + unique_id             = (known after apply)

      + inline_policy (known after apply)
    }

  # aws_iam_role_policy_attachment.lambda_policy_attach will be created
  + resource "aws_iam_role_policy_attachment" "lambda_policy_attach" {
      + id         = (known after apply)
      + policy_arn = (known after apply)
      + role       = "aws-iam-gitops-lambda-role-31"
    }

  # aws_lambda_function.gitops_lambda will be created
  + resource "aws_lambda_function" "gitops_lambda" {
      + architectures                  = (known after apply)
      + arn                            = (known after apply)
      + code_sha256                    = (known after apply)
      + function_name                  = "aws-iam-gitops-31"
      + id                             = (known after apply)
      + image_uri                      = "000000000000.dkr.ecr.us-east-1.amazonaws.com/aws-iam-gitops:v31"
      + invoke_arn                     = (known after apply)
      + last_modified                  = (known after apply)
      + memory_size                    = 128
      + package_type                   = "Image"
      + publish                        = false
      + qualified_arn                  = (known after apply)
      + qualified_invoke_arn           = (known after apply)
      + region                         = "us-east-1"
      + reserved_concurrent_executions = -1
      + response_streaming_invoke_arn  = (known after apply)
      + role                           = (known after apply)
      + signing_job_arn                = (known after apply)
      + signing_profile_version_arn    = (known after apply)
      + skip_destroy                   = false
      + source_code_hash               = (known after apply)
      + source_code_size               = (known after apply)
      + tags                           = {
          + "Name" = "aws-iam-gitops-lambda-31"
        }
      + tags_all                       = {
          + "Name" = "aws-iam-gitops-lambda-31"
        }
      + timeout                        = 120
      + version                        = (known after apply)

      + environment {
          + variables = {
              + "GITHUB_REPO"     = "ai-basis-tf"
              + "GITHUB_TOKEN"    = (sensitive value)
              + "GITHUB_USERNAME" = "ai-basis-tf"
            }
        }

      + ephemeral_storage (known after apply)

      + logging_config (known after apply)

      + tracing_config (known after apply)
    }

Plan: 5 to add, 0 to change, 0 to destroy.

Changes to Outputs:
  + ecr_repository_url   = (known after apply)
  + lambda_function_name = "aws-iam-gitops-31"
aws_ecr_repository.gitops_ecr: Creating...
aws_iam_role.lambda_exec: Creating...
aws_iam_policy.lambda_policy: Creating...
aws_iam_policy.lambda_policy: Creation complete after 0s [id=arn:aws:iam::000000000000:policy/aws-iam-gitops-lambda-permissions-31]
aws_iam_role.lambda_exec: Creation complete after 0s [id=aws-iam-gitops-lambda-role-31]
aws_iam_role_policy_attachment.lambda_policy_attach: Creating...
aws_iam_role_policy_attachment.lambda_policy_attach: Creation complete after 0s [id=aws-iam-gitops-lambda-role-31/arn:aws:iam::000000000000:policy/aws-iam-gitops-lambda-permissions-31]
aws_lambda_function.gitops_lambda: Creating...
aws_ecr_repository.gitops_ecr: Creation complete after 3s [id=aws-iam-gitops]
