{"format_version":"1.2","terraform_version":"1.13.5","variables":{"ecr_repo_name":{"value":"aws-iam-gitops"},"github_repo":{"value":"ai-basis-tf"},"github_token":{"value":"ai-basis-tf"},"github_username":{"value":"ai-basis-tf"},"lambda_timeout":{"value":120},"random_prefix":{"value":"aws-iam-gitops"},"random_suffix":{"value":"31"},"region":{"value":"us-east-1"}},"planned_values":{"outputs":{"ecr_repository_url":{"sensitive":false},"lambda_function_name":{"sensitive":false,"type":"string","value":"aws-iam-gitops-31"}},"root_module":{"resources":[{"address":"aws_ecr_repository.gitops_ecr","mode":"managed","type":"aws_ecr_repository","name":"gitops_ecr","provider_name":"registry.terraform.io/hashicorp/aws","schema_version":0,"values":{"encryption_configuration":[],"force_delete":true,"image_scanning_configuration":[],"image_tag_mutability":"MUTABLE","image_tag_mutability_exclusion_filter":[],"name":"aws-iam-gitops","region":"us-east-1","tags":{"Name":"aws-iam-gitops-ecr-31"},"tags_all":{"Name":"aws-iam-gitops-ecr-31"},"timeouts":null},"sensitive_values":{"encryption_configuration":[],"image_scanning_configuration":[],"image_tag_mutability_exclusion_filter":[],"tags":{},"tags_all":{}},"identity_schema_version":0,"identity":{"account_id":null,"name":null,"region":null}},{"address":"aws_iam_policy.lambda_policy","mode":"managed","type":"aws_iam_policy","name":"lambda_policy","provider_name":"registry.terraform.io/hashicorp/aws","schema_version":0,"values":{"delay_after_policy_creation_in_ms":null,"description":"Policy for Lambda to access ECR, CloudWatch, IAM, Organizations, and GitHub.","name":"aws-iam-gitops-lambda-permissions-31","path":"/","policy":"{\"Statement\":[{\"Action\":[\"ecr:GetAuthorizationToken\",\"ecr:BatchCheckLayerAvailability\",\"ecr:GetDownloadUrlForLayer\",\"ecr:BatchGetImage\",\"logs:CreateLogGroup\",\"logs:CreateLogStream\",\"logs:PutLogEvents\",\"iam:List*\",\"iam:Get*\",\"organizations:List*\",\"organizations:Describe*\"],\"Effect\":\"Allow\",\"Resource\":\"*\"}],\"Version\":\"2012-10-17\"}","tags":null},"sensitive_values":{"tags_all":{}},"identity_schema_version":0,"identity":{"arn":null}},{"address":"aws_iam_role.lambda_exec","mode":"managed","type":"aws_iam_role","name":"lambda_exec","provider_name":"registry.terraform.io/hashicorp/aws","schema_version":0,"values":{"assume_role_policy":"{\"Statement\":[{\"Action\":\"sts:AssumeRole\",\"Effect\":\"Allow\",\"Principal\":{\"Service\":\"lambda.amazonaws.com\"}}],\"Version\":\"2012-10-17\"}","description":null,"force_detach_policies":false,"max_session_duration":3600,"name":"aws-iam-gitops-lambda-role-31","path":"/","permissions_boundary":null,"tags":{"Name":"aws-iam-gitops-lambda-role-31"},"tags_all":{"Name":"aws-iam-gitops-lambda-role-31"}},"sensitive_values":{"inline_policy":[],"managed_policy_arns":[],"tags":{},"tags_all":{}},"identity_schema_version":0,"identity":{"account_id":null,"name":null}},{"address":"aws_iam_role_policy_attachment.lambda_policy_attach","mode":"managed","type":"aws_iam_role_policy_attachment","name":"lambda_policy_attach","provider_name":"registry.terraform.io/hashicorp/aws","schema_version":0,"values":{"role":"aws-iam-gitops-lambda-role-31"},"sensitive_values":{},"identity_schema_version":0,"identity":{"account_id":null,"policy_arn":null,"role":null}},{"address":"aws_lambda_function.gitops_lambda","mode":"managed","type":"aws_lambda_function","name":"gitops_lambda","provider_name":"registry.terraform.io/hashicorp/aws","schema_version":0,"values":{"capacity_provider_config":[],"code_signing_config_arn":null,"dead_letter_config":[],"description":null,"durable_config":[],"environment":[{"variables":{"GITHUB_REPO":"ai-basis-tf","GITHUB_TOKEN":"ai-basis-tf","GITHUB_USERNAME":"ai-basis-tf"}}],"file_system_config":[],"filename":null,"function_name":"aws-iam-gitops-31","handler":null,"image_config":[],"image_uri":"000000000000.dkr.ecr.us-east-1.amazonaws.com/aws-iam-gitops:v31","kms_key_arn":null,"layers":null,"memory_size":128,"package_type":"Image","publish":false,"publish_to":null,"region":"us-east-1","replace_security_groups_on_destroy":null,"replacement_security_group_ids":null,"reserved_concurrent_executions":-1,"runtime":null,"s3_bucket":null,"s3_key":null,"s3_object_version":null,"skip_destroy":false,"snap_start":[],"source_kms_key_arn":null,"tags":{"Name":"aws-iam-gitops-lambda-31"},"tags_all":{"Name":"aws-iam-gitops-lambda-31"},"tenancy_config":[],"timeout":120,"timeouts":null,"vpc_config":[]},"sensitive_values":{"architectures":[],"capacity_provider_config":[],"dead_letter_config":[],"durable_config":[],"environment":[{"variables":{"GITHUB_TOKEN":true}}],"ephemeral_storage":[],"file_system_config":[],"image_config":[],"logging_config":[],"snap_start":[],"tags":{},"tags_all":{},"tenancy_config":[],"tracing_config":[],"vpc_config":[]},"identity_schema_version":0,"identity":{"account_id":null,"function_name":null,"region":null}}]}},"resource_changes":[{"address":"aws_ecr_repository.gitops_ecr","mode":"managed","type":"aws_ecr_repository","name":"gitops_ecr","provider_name":"registry.terraform.io/hashicorp/aws","change":{"actions":["create"],"before":null,"after":{"encryption_configuration":[],"force_delete":true,"image_scanning_configuration":[],"image_tag_mutability":"MUTABLE","image_tag_mutability_exclusion_filter":[],"name":"aws-iam-gitops","region":"us-east-1","tags":{"Name":"aws-iam-gitops-ecr-31"},"tags_all":{"Name":"aws-iam-gitops-ecr-31"},"timeouts":null},"after_unknown":{"arn":true,"encryption_configuration":[],"id":true,"image_scanning_configuration":[],"image_tag_mutability_exclusion_filter":[],"registry_id":true,"repository_url":true,"tags":{},"tags_all":{}},"before_sensitive":false,"after_sensitive":{"encryption_configuration":[],"image_scanning_configuration":[],"image_tag_mutability_exclusion_filter":[],"tags":{},"tags_all":{}},"after_identity":{"account_id":null,"name":null,"region":null}}},{"address":"aws_iam_policy.lambda_policy","mode":"managed","type":"aws_iam_policy","name":"lambda_policy","provider_name":"registry.terraform.io/hashicorp/aws","change":{"actions":["create"],"before":null,"after":{"delay_after_policy_creation_in_ms":null,"description":"Policy for Lambda to access ECR, CloudWatch, IAM, Organizations, and GitHub.","name":"aws-iam-gitops-lambda-permissions-31","path":"/","policy":"{\"Statement\":[{\"Action\":[\"ecr:GetAuthorizationToken\",\"ecr:BatchCheckLayerAvailability\",\"ecr:GetDownloadUrlForLayer\",\"ecr:BatchGetImage\",\"logs:CreateLogGroup\",\"logs:CreateLogStream\",\"logs:PutLogEvents\",\"iam:List*\",\"iam:Get*\",\"organizations:List*\",\"organizations:Describe*\"],\"Effect\":\"Allow\",\"Resource\":\"*\"}],\"Version\":\"2012-10-17\"}","tags":null},"after_unknown":{"arn":true,"attachment_count":true,"id":true,"name_prefix":true,"policy_id":true,"tags_all":true},"before_sensitive":false,"after_sensitive":{"tags_all":{}},"after_identity":{"arn":null}}},{"address":"aws_iam_role.lambda_exec","mode":"managed","type":"aws_iam_role","name":"lambda_exec","provider_name":"registry.terraform.io/hashicorp/aws","change":{"actions":["create"],"before":null,"after":{"assume_role_policy":"{\"Statement\":[{\"Action\":\"sts:AssumeRole\",\"Effect\":\"Allow\",\"Principal\":{\"Service\":\"lambda.amazonaws.com\"}}],\"Version\":\"2012-10-17\"}","description":null,"force_detach_policies":false,"max_session_duration":3600,"name":"aws-iam-gitops-lambda-role-31","path":"/","permissions_boundary":null,"tags":{"Name":"aws-iam-gitops-lambda-role-31"},"tags_all":{"Name":"aws-iam-gitops-lambda-role-31"}},"after_unknown":{"arn":true,"create_date":true,"id":true,"inline_policy":true,"managed_policy_arns":true,"name_prefix":true,"tags":{},"tags_all":{},"unique_id":true},"before_sensitive":false,"after_sensitive":{"inline_policy":[],"managed_policy_arns":[],"tags":{},"tags_all":{}},"after_identity":{"account_id":null,"name":null}}},{"address":"aws_iam_role_policy_attachment.lambda_policy_attach","mode":"managed","type":"aws_iam_role_policy_attachment","name":"lambda_policy_attach","provider_name":"registry.terraform.io/hashicorp/aws","change":{"actions":["create"],"before":null,"after":{"role":"aws-iam-gitops-lambda-role-31"},"after_unknown":{"id":true,"policy_arn":true},"before_sensitive":false,"after_sensitive":{},"after_identity":{"account_id":null,"policy_arn":null,"role":null}}},{"address":"aws_lambda_function.gitops_lambda","mode":"managed","type":"aws_lambda_function","name":"gitops_lambda","provider_name":"registry.terraform.io/hashicorp/aws","change":{"actions":["create"],"before":null,"after":{"capacity_provider_config":[],"code_signing_config_arn":null,"dead_letter_config":[],"description":null,"durable_config":[],"environment":[{"variables":{"GITHUB_REPO":"ai-basis-tf","GITHUB_TOKEN":"ai-basis-tf","GITHUB_USERNAME":"ai-basis-tf"}}],"file_system_config":[],"filename":null,"function_name":"aws-iam-gitops-31","handler":null,"image_config":[],"image_uri":"000000000000.dkr.ecr.us-east-1.amazonaws.com/aws-iam-gitops:v31","kms_key_arn":null,"layers":null,"memory_size":128,"package_type":"Image","publish":false,"publish_to":null,"region":"us-east-1","replace_security_groups_on_destroy":null,"replacement_security_group_ids":null,"reserved_concurrent_executions":-1,"runtime":null,"s3_bucket":null,"s3_key":null,"s3_object_version":null,"skip_destroy":false,"snap_start":[],"source_kms_key_arn":null,"tags":{"Name":"aws-iam-gitops-lambda-31"},"tags_all":{"Name":"aws-iam-gitops-lambda-31"},"tenancy_config":[],"timeout":120,"timeouts":null,"vpc_config":[]},"after_unknown":{"architectures":true,"arn":true,"capacity_provider_config":[],"code_sha256":true,"dead_letter_config":[],"durable_config":[],"environment":[{"variables":{}}],"ephemeral_storage":true,"file_system_config":[],"id":true,"image_config":[],"invoke_arn":true,"last_modified":true,"logging_config":true,"qualified_arn":true,"qualified_invoke_arn":true,"response_streaming_invoke_arn":true,"role":true,"signing_job_arn":true,"signing_profile_version_arn":true,"snap_start":[],"source_code_hash":true,"source_code_size":true,"tags":{},"tags_all":{},"tenancy_config":[],"tracing_config":true,"version":true,"vpc_config":[]},"before_sensitive":false,"after_sensitive":{"architectures":[],"capacity_provider_config":[],"dead_letter_config":[],"durable_config":[],"environment":[{"variables":{"GITHUB_TOKEN":true}}],"ephemeral_storage":[],"file_system_config":[],"image_config":[],"logging_config":[],"snap_start":[],"tags":{},"tags_all":{},"tenancy_config":[],"tracing_config":[],"vpc_config":[]},"after_identity":{"account_id":null,"function_name":null,"region":null}}}],"output_changes":{"ecr_repository_url":{"actions":["create"],"before":null,"after_unknown":true,"before_sensitive":false,"after_sensitive":false},"lambda_function_name":{"actions":["create"],"before":null,"after":"aws-iam-gitops-31","after_unknown":false,"before_sensitive":false,"after_sensitive":false}},"prior_state":{"format_version":"1.0","terraform_version":"1.13.5","values":{"outputs":{"lambda_function_name":{"sensitive":false,"value":"aws-iam-gitops-31","type":"string"}},"root_module":{"resources":[{"address":"data.archive_file.lambda_dummy","mode":"data","type":"archive_file","name":"lambda_dummy","provider_name":"registry.terraform.io/hashicorp/archive","schema_version":0,"values":{"exclude_symlink_directories":null,"excludes":null,"id":"58e93fade67637870be5af38eff8d5aa66c7da49","output_base64sha256":"wmbalFzzY/wG3ivChKElOZB3+B4gptmQyIat05p+fU4=","output_base64sha512":"BQYAg1LwEY4tDmry1VoRx6StX0vjH+7LpfB5KAZLVvfJQjioPbBv1QxI6QF6P2U614fU3h9XKBCb9z5Y1ornqA==","output_file_mode":null,"output_md5":"a0dbd832a6a977d6d5b28ea5c85e30fb","output_path":"./.dummy/lambda.zip","output_sha":"58e93fade67637870be5af38eff8d5aa66c7da49","output_sha256":"c266da945cf363fc06de2bc284a125399077f81e20a6d990c886add39a7e7d4e","output_sha512":"0506008352f0118e2d0e6af2d55a11c7a4ad5f4be31feecba5f07928064b56f7c94238a83db06fd50c48e9017a3f653ad787d4de1f5728109bf73e58d68ae7a8","output_size":246,"source":[{"content":"exports.handler = async (event) =\u003e {\n  console.log(\"Dummy lambda invoked\");\n  return { statusCode: 200, body: \"dummy\" };\n};\n","filename":"index.js"}],"source_content":null,"source_content_filename":null,"source_dir":null,"source_file":null,"type":"zip"},"sensitive_values":{"source":[{}]}},{"address":"data.aws_caller_identity.current","mode":"data","type":"aws_caller_identity","name":"current","provider_name":"registry.terraform.io/hashicorp/aws","schema_version":0,"values":{"account_id":"000000000000","arn":"arn:aws:iam::000000000000:root","id":"000000000000","user_id":"AKIAIOSFODNN7EXAMPLE"},"sensitive_values":{}}]}}},"configuration":{"provider_config":{"archive":{"name":"archive","full_name":"registry.terraform.io/hashicorp/archive"},"aws":{"name":"aws","full_name":"registry.terraform.io/hashicorp/aws","version_constraint":"\u003e= 4.0.0","expressions":{"region":{"references":["var.region"]}}}},"root_module":{"outputs":{"ecr_repository_url":{"expression":{"references":["aws_ecr_repository.gitops_ecr.repository_url","aws_ecr_repository.gitops_ecr"]},"description":"URL of the ECR repository."},"lambda_function_name":{"expression":{"references":["aws_lambda_function.gitops_lambda.function_name","aws_lambda_function.gitops_lambda"]},"description":"Name of the deployed Lambda function."}},"resources":[{"address":"aws_ecr_repository.gitops_ecr","mode":"managed","type":"aws_ecr_repository","name":"gitops_ecr","provider_config_key":"aws","expressions":{"force_delete":{"constant_value":true},"image_tag_mutability":{"constant_value":"MUTABLE"},"name":{"references":["var.ecr_repo_name"]},"tags":{"references":["var.random_prefix","var.random_suffix"]}},"schema_version":0},{"address":"aws_iam_policy.lambda_policy","mode":"managed","type":"aws_iam_policy","name":"lambda_policy","provider_config_key":"aws","expressions":{"description":{"constant_value":"Policy for Lambda to access ECR, CloudWatch, IAM, Organizations, and GitHub."},"name":{"references":["var.random_prefix","var.random_suffix"]},"policy":{}},"schema_version":0},{"address":"aws_iam_role.lambda_exec","mode":"managed","type":"aws_iam_role","name":"lambda_exec","provider_config_key":"aws","expressions":{"assume_role_policy":{},"name":{"references":["var.random_prefix","var.random_suffix"]},"tags":{"references":["var.random_prefix","var.random_suffix"]}},"schema_version":0},{"address":"aws_iam_role_policy_attachment.lambda_policy_attach","mode":"managed","type":"aws_iam_role_policy_attachment","name":"lambda_policy_attach","provider_config_key":"aws","expressions":{"policy_arn":{"references":["aws_iam_policy.lambda_policy.arn","aws_iam_policy.lambda_policy"]},"role":{"references":["aws_iam_role.lambda_exec.name","aws_iam_role.lambda_exec"]}},"schema_version":0},{"address":"aws_lambda_function.gitops_lambda","mode":"managed","type":"aws_lambda_function","name":"gitops_lambda","provider_config_key":"aws","expressions":{"environment":[{"variables":{"references":["var.github_username","var.github_repo","var.github_token"]}}],"function_name":{"references":["var.random_prefix","var.random_suffix"]},"image_uri":{"references":["data.aws_caller_identity.current.account_id","data.aws_caller_identity.current","var.region","var.ecr_repo_name","var.random_suffix"]},"package_type":{"constant_value":"Image"},"role":{"references":["aws_iam_role.lambda_exec.arn","aws_iam_role.lambda_exec"]},"tags":{"references":["var.random_prefix","var.random_suffix"]},"timeout":{"references":["var.lambda_timeout"]}},"schema_version":0,"depends_on":["aws_iam_role_policy_attachment.lambda_policy_attach"]},{"address":"data.archive_file.lambda_dummy","mode":"data","type":"archive_file","name":"lambda_dummy","provider_config_key":"archive","expressions":{"output_path":{"references":["local.lambda_dummy_zip"]},"source":[{"content":{"constant_value":"exports.handler = async (event) =\u003e {\n  console.log(\"Dummy lambda invoked\");\n  return { statusCode: 200, body: \"dummy\" };\n};\n"},"filename":{"constant_value":"index.js"}}],"type":{"constant_value":"zip"}},"schema_version":0},{"address":"data.aws_caller_identity.current","mode":"data","type":"aws_caller_identity","name":"current","provider_config_key":"aws","schema_version":0}],"variables":{"ecr_repo_name":{"default":"aws-iam-gitops","description":"ECR repository name."},"github_repo":{"description":"GitHub repository name."},"github_token":{"description":"GitHub token with write access.","sensitive":true},"github_username":{"description":"GitHub username for repo access."},"lambda_timeout":{"default":120,"description":"Lambda function timeout in seconds."},"random_prefix":{"default":"aws-iam-gitops","description":"Prefix for resource names."},"random_suffix":{"default":"31","description":"Random suffix for resource names."},"region":{"default":"us-east-1","description":"AWS region to deploy resources in."}}}},"relevant_attributes":[{"resource":"data.aws_caller_identity.current","attribute":["account_id"]},{"resource":"aws_iam_role.lambda_exec","attribute":["name"]},{"resource":"aws_ecr_repository.gitops_ecr","attribute":["repository_url"]},{"resource":"aws_iam_role.lambda_exec","attribute":["arn"]},{"resource":"aws_iam_policy.lambda_policy","attribute":["arn"]},{"resource":"aws_lambda_function.gitops_lambda","attribute":["function_name"]}],"timestamp":"2026-01-23T08:22:14Z","applyable":true,"complete":true,"errored":false}
