data.archive_file.lambda_zip: Reading...
data.archive_file.lambda_dummy: Reading...
data.archive_file.lambda_zip: Read complete after 0s [id=235776908bc89e8fe76b6ca0d5e4a14004c83644]
data.archive_file.lambda_dummy: Read complete after 0s [id=58e93fade67637870be5af38eff8d5aa66c7da49]

Terraform used the selected providers to generate the following execution
plan. Resource actions are indicated with the following symbols:
  + create

Terraform will perform the following actions:

  # aws_apigatewayv2_api.http_api will be created
  + resource "aws_apigatewayv2_api" "http_api" {
      + api_endpoint                 = (known after apply)
      + api_key_selection_expression = "$request.header.x-api-key"
      + arn                          = (known after apply)
      + execution_arn                = (known after apply)
      + id                           = (known after apply)
      + ip_address_type              = (known after apply)
      + name                         = "url-shortener-http-api"
      + protocol_type                = "HTTP"
      + route_selection_expression   = "$request.method $request.path"
      + tags_all                     = {
          + "Managed" = "terraform"
          + "Project" = "url-shortener"
        }
    }

  # aws_apigatewayv2_integration.lambda will be created
  + resource "aws_apigatewayv2_integration" "lambda" {
      + api_id                                    = (known after apply)
      + connection_type                           = "INTERNET"
      + id                                        = (known after apply)
      + integration_response_selection_expression = (known after apply)
      + integration_type                          = "AWS_PROXY"
      + integration_uri                           = (known after apply)
      + payload_format_version                    = "2.0"
      + timeout_milliseconds                      = (known after apply)
    }

  # aws_apigatewayv2_route.proxy_get will be created
  + resource "aws_apigatewayv2_route" "proxy_get" {
      + api_id             = (known after apply)
      + api_key_required   = false
      + authorization_type = "NONE"
      + id                 = (known after apply)
      + route_key          = "GET /{proxy+}"
      + target             = (known after apply)
    }

  # aws_apigatewayv2_route.store will be created
  + resource "aws_apigatewayv2_route" "store" {
      + api_id             = (known after apply)
      + api_key_required   = false
      + authorization_type = "NONE"
      + id                 = (known after apply)
      + route_key          = "POST /store"
      + target             = (known after apply)
    }

  # aws_apigatewayv2_stage.default will be created
  + resource "aws_apigatewayv2_stage" "default" {
      + api_id        = (known after apply)
      + arn           = (known after apply)
      + auto_deploy   = true
      + deployment_id = (known after apply)
      + execution_arn = (known after apply)
      + id            = (known after apply)
      + invoke_url    = (known after apply)
      + name          = "$default"
      + tags_all      = {
          + "Managed" = "terraform"
          + "Project" = "url-shortener"
        }
    }

  # aws_dynamodb_table.urldb will be created
  + resource "aws_dynamodb_table" "urldb" {
      + arn              = (known after apply)
      + billing_mode     = "PAY_PER_REQUEST"
      + hash_key         = "short_url_id"
      + id               = (known after apply)
      + name             = "URLDB"
      + read_capacity    = (known after apply)
      + stream_arn       = (known after apply)
      + stream_label     = (known after apply)
      + stream_view_type = (known after apply)
      + tags_all         = {
          + "Managed" = "terraform"
          + "Project" = "url-shortener"
        }
      + write_capacity   = (known after apply)

      + attribute {
          + name = "short_url_id"
          + type = "S"
        }

      + point_in_time_recovery (known after apply)

      + server_side_encryption (known after apply)

      + ttl {
          + attribute_name = "ttl"
          + enabled        = true
        }
    }

  # aws_iam_policy.dynamodb_access will be created
  + resource "aws_iam_policy" "dynamodb_access" {
      + arn              = (known after apply)
      + attachment_count = (known after apply)
      + description      = "Allow Lambda to read/write URL records in DynamoDB."
      + id               = (known after apply)
      + name             = "url-shortener-dynamodb-access"
      + name_prefix      = (known after apply)
      + path             = "/"
      + policy           = (known after apply)
      + policy_id        = (known after apply)
      + tags_all         = {
          + "Managed" = "terraform"
          + "Project" = "url-shortener"
        }
    }

  # aws_iam_role.lambda_role will be created
  + resource "aws_iam_role" "lambda_role" {
      + arn                   = (known after apply)
      + assume_role_policy    = jsonencode(
            {
              + Statement = [
                  + {
                      + Action    = "sts:AssumeRole"
                      + Effect    = "Allow"
                      + Principal = {
                          + Service = "lambda.amazonaws.com"
                        }
                    },
                ]
              + Version   = "2012-10-17"
            }
        )
      + create_date           = (known after apply)
      + force_detach_policies = false
      + id                    = (known after apply)
      + managed_policy_arns   = (known after apply)
      + max_session_duration  = 3600
      + name                  = "url-shortener-lambda-role"
      + name_prefix           = (known after apply)
      + path                  = "/"
      + tags_all              = {
          + "Managed" = "terraform"
          + "Project" = "url-shortener"
        }
      + unique_id             = (known after apply)

      + inline_policy (known after apply)
    }

  # aws_iam_role_policy_attachment.lambda_basic will be created
  + resource "aws_iam_role_policy_attachment" "lambda_basic" {
      + id         = (known after apply)
      + policy_arn = "arn:aws:iam::aws:policy/service-role/AWSLambdaBasicExecutionRole"
      + role       = "url-shortener-lambda-role"
    }

  # aws_iam_role_policy_attachment.lambda_dynamodb will be created
  + resource "aws_iam_role_policy_attachment" "lambda_dynamodb" {
      + id         = (known after apply)
      + policy_arn = (known after apply)
      + role       = "url-shortener-lambda-role"
    }

  # aws_lambda_function.app will be created
  + resource "aws_lambda_function" "app" {
      + architectures                  = (known after apply)
      + arn                            = (known after apply)
      + code_sha256                    = (known after apply)
      + filename                       = "./build/lambda.zip"
      + function_name                  = "url-shortener"
      + handler                        = "lambda.handler"
      + id                             = (known after apply)
      + invoke_arn                     = (known after apply)
      + last_modified                  = (known after apply)
      + memory_size                    = 256
      + package_type                   = "Zip"
      + publish                        = true
      + qualified_arn                  = (known after apply)
      + qualified_invoke_arn           = (known after apply)
      + reserved_concurrent_executions = -1
      + role                           = (known after apply)
      + runtime                        = "python3.12"
      + signing_job_arn                = (known after apply)
      + signing_profile_version_arn    = (known after apply)
      + skip_destroy                   = false
      + source_code_hash               = "HJVCjf0OPhWLcKje4uNlsP63jYcC9aJJDuu48AgRPH0="
      + source_code_size               = (known after apply)
      + tags_all                       = {
          + "Managed" = "terraform"
          + "Project" = "url-shortener"
        }
      + timeout                        = 10
      + version                        = (known after apply)

      + environment {
          + variables = {
              + "DYNAMODB_TABLE" = "URLDB"
            }
        }

      + ephemeral_storage (known after apply)

      + logging_config (known after apply)

      + tracing_config (known after apply)
    }

  # aws_lambda_permission.allow_apigw will be created
  + resource "aws_lambda_permission" "allow_apigw" {
      + action              = "lambda:InvokeFunction"
      + function_name       = "url-shortener"
      + id                  = (known after apply)
      + principal           = "apigateway.amazonaws.com"
      + source_arn          = (known after apply)
      + statement_id        = "AllowExecutionFromAPIGateway"
      + statement_id_prefix = (known after apply)
    }

Plan: 12 to add, 0 to change, 0 to destroy.

Changes to Outputs:
  + api_endpoint         = (known after apply)
  + dynamodb_table_name  = "URLDB"
  + lambda_function_name = "url-shortener"
aws_iam_role.lambda_role: Creating...
aws_apigatewayv2_api.http_api: Creating...
aws_dynamodb_table.urldb: Creating...
aws_iam_role.lambda_role: Creation complete after 0s [id=url-shortener-lambda-role]
aws_iam_role_policy_attachment.lambda_basic: Creating...
aws_iam_role_policy_attachment.lambda_basic: Creation complete after 0s [id=url-shortener-lambda-role-20260126195642459600000001]
aws_apigatewayv2_api.http_api: Creation complete after 1s [id=b73ab9e6]
aws_apigatewayv2_stage.default: Creating...
aws_apigatewayv2_stage.default: Creation complete after 0s [id=$default]
aws_dynamodb_table.urldb: Creation complete after 2s [id=URLDB]
aws_iam_policy.dynamodb_access: Creating...
aws_iam_policy.dynamodb_access: Creation complete after 0s [id=arn:aws:iam::000000000000:policy/url-shortener-dynamodb-access]
aws_iam_role_policy_attachment.lambda_dynamodb: Creating...
aws_iam_role_policy_attachment.lambda_dynamodb: Creation complete after 0s [id=url-shortener-lambda-role-20260126195643828800000002]
aws_lambda_function.app: Creating...
aws_lambda_function.app: Creation complete after 6s [id=url-shortener]
aws_lambda_permission.allow_apigw: Creating...
aws_apigatewayv2_integration.lambda: Creating...
aws_apigatewayv2_integration.lambda: Creation complete after 0s [id=408a656e]
aws_lambda_permission.allow_apigw: Creation complete after 0s [id=AllowExecutionFromAPIGateway]
aws_apigatewayv2_route.store: Creating...
aws_apigatewayv2_route.proxy_get: Creating...
aws_apigatewayv2_route.proxy_get: Creation complete after 0s [id=4da93ffe]
aws_apigatewayv2_route.store: Creation complete after 0s [id=c6393692]

Apply complete! Resources: 12 added, 0 changed, 0 destroyed.

Outputs:

api_endpoint = "http://b73ab9e6.execute-api.localhost.localstack.cloud:4566"
dynamodb_table_name = "URLDB"
lambda_function_name = "url-shortener"
