{"format_version":"1.2","terraform_version":"1.13.5","variables":{"app_name":{"value":"url-shortener"},"aws_region":{"value":"us-east-1"},"dynamodb_table_name":{"value":"URLDB"},"lambda_function_name":{"value":"url-shortener"},"lambda_memory_size":{"value":256},"lambda_runtime":{"value":"python3.12"},"lambda_timeout":{"value":10}},"planned_values":{"outputs":{"api_endpoint":{"sensitive":false},"dynamodb_table_name":{"sensitive":false,"type":"string","value":"URLDB"},"lambda_function_name":{"sensitive":false,"type":"string","value":"url-shortener"}},"root_module":{"resources":[{"address":"aws_apigatewayv2_api.http_api","mode":"managed","type":"aws_apigatewayv2_api","name":"http_api","provider_name":"registry.terraform.io/hashicorp/aws","schema_version":0,"values":{"api_key_selection_expression":"$request.header.x-api-key","body":null,"cors_configuration":[],"credentials_arn":null,"description":null,"disable_execute_api_endpoint":null,"fail_on_warnings":null,"name":"url-shortener-http-api","protocol_type":"HTTP","route_key":null,"route_selection_expression":"$request.method $request.path","tags":null,"tags_all":{"Managed":"terraform","Project":"url-shortener"},"target":null,"version":null},"sensitive_values":{"cors_configuration":[],"tags_all":{}}},{"address":"aws_apigatewayv2_integration.lambda","mode":"managed","type":"aws_apigatewayv2_integration","name":"lambda","provider_name":"registry.terraform.io/hashicorp/aws","schema_version":0,"values":{"connection_id":null,"connection_type":"INTERNET","content_handling_strategy":null,"credentials_arn":null,"description":null,"integration_method":null,"integration_subtype":null,"integration_type":"AWS_PROXY","passthrough_behavior":null,"payload_format_version":"2.0","request_parameters":null,"request_templates":null,"response_parameters":[],"template_selection_expression":null,"tls_config":[]},"sensitive_values":{"response_parameters":[],"tls_config":[]}},{"address":"aws_apigatewayv2_route.proxy_get","mode":"managed","type":"aws_apigatewayv2_route","name":"proxy_get","provider_name":"registry.terraform.io/hashicorp/aws","schema_version":0,"values":{"api_key_required":false,"authorization_scopes":null,"authorization_type":"NONE","authorizer_id":null,"model_selection_expression":null,"operation_name":null,"request_models":null,"request_parameter":[],"route_key":"GET /{proxy+}","route_response_selection_expression":null},"sensitive_values":{"request_parameter":[]}},{"address":"aws_apigatewayv2_route.store","mode":"managed","type":"aws_apigatewayv2_route","name":"store","provider_name":"registry.terraform.io/hashicorp/aws","schema_version":0,"values":{"api_key_required":false,"authorization_scopes":null,"authorization_type":"NONE","authorizer_id":null,"model_selection_expression":null,"operation_name":null,"request_models":null,"request_parameter":[],"route_key":"POST /store","route_response_selection_expression":null},"sensitive_values":{"request_parameter":[]}},{"address":"aws_apigatewayv2_stage.default","mode":"managed","type":"aws_apigatewayv2_stage","name":"default","provider_name":"registry.terraform.io/hashicorp/aws","schema_version":0,"values":{"access_log_settings":[],"auto_deploy":true,"client_certificate_id":null,"default_route_settings":[],"description":null,"name":"$default","route_settings":[],"stage_variables":null,"tags":null,"tags_all":{"Managed":"terraform","Project":"url-shortener"}},"sensitive_values":{"access_log_settings":[],"default_route_settings":[],"route_settings":[],"tags_all":{}}},{"address":"aws_dynamodb_table.urldb","mode":"managed","type":"aws_dynamodb_table","name":"urldb","provider_name":"registry.terraform.io/hashicorp/aws","schema_version":1,"values":{"attribute":[{"name":"short_url_id","type":"S"}],"billing_mode":"PAY_PER_REQUEST","deletion_protection_enabled":null,"global_secondary_index":[],"hash_key":"short_url_id","import_table":[],"local_secondary_index":[],"name":"URLDB","on_demand_throughput":[],"range_key":null,"replica":[],"restore_date_time":null,"restore_source_name":null,"restore_source_table_arn":null,"restore_to_latest_time":null,"stream_enabled":null,"table_class":null,"tags":null,"tags_all":{"Managed":"terraform","Project":"url-shortener"},"timeouts":null,"ttl":[{"attribute_name":"ttl","enabled":true}]},"sensitive_values":{"attribute":[{}],"global_secondary_index":[],"import_table":[],"local_secondary_index":[],"on_demand_throughput":[],"point_in_time_recovery":[],"replica":[],"server_side_encryption":[],"tags_all":{},"ttl":[{}]}},{"address":"aws_iam_policy.dynamodb_access","mode":"managed","type":"aws_iam_policy","name":"dynamodb_access","provider_name":"registry.terraform.io/hashicorp/aws","schema_version":0,"values":{"description":"Allow Lambda to read/write URL records in DynamoDB.","name":"url-shortener-dynamodb-access","path":"/","tags":null,"tags_all":{"Managed":"terraform","Project":"url-shortener"}},"sensitive_values":{"tags_all":{}}},{"address":"aws_iam_role.lambda_role","mode":"managed","type":"aws_iam_role","name":"lambda_role","provider_name":"registry.terraform.io/hashicorp/aws","schema_version":0,"values":{"assume_role_policy":"{\"Statement\":[{\"Action\":\"sts:AssumeRole\",\"Effect\":\"Allow\",\"Principal\":{\"Service\":\"lambda.amazonaws.com\"}}],\"Version\":\"2012-10-17\"}","description":null,"force_detach_policies":false,"max_session_duration":3600,"name":"url-shortener-lambda-role","path":"/","permissions_boundary":null,"tags":null,"tags_all":{"Managed":"terraform","Project":"url-shortener"}},"sensitive_values":{"inline_policy":[],"managed_policy_arns":[],"tags_all":{}}},{"address":"aws_iam_role_policy_attachment.lambda_basic","mode":"managed","type":"aws_iam_role_policy_attachment","name":"lambda_basic","provider_name":"registry.terraform.io/hashicorp/aws","schema_version":0,"values":{"policy_arn":"arn:aws:iam::aws:policy/service-role/AWSLambdaBasicExecutionRole","role":"url-shortener-lambda-role"},"sensitive_values":{}},{"address":"aws_iam_role_policy_attachment.lambda_dynamodb","mode":"managed","type":"aws_iam_role_policy_attachment","name":"lambda_dynamodb","provider_name":"registry.terraform.io/hashicorp/aws","schema_version":0,"values":{"role":"url-shortener-lambda-role"},"sensitive_values":{}},{"address":"aws_lambda_function.app","mode":"managed","type":"aws_lambda_function","name":"app","provider_name":"registry.terraform.io/hashicorp/aws","schema_version":0,"values":{"code_signing_config_arn":null,"dead_letter_config":[],"description":null,"environment":[{"variables":{"DYNAMODB_TABLE":"URLDB"}}],"file_system_config":[],"filename":"./build/lambda.zip","function_name":"url-shortener","handler":"lambda.handler","image_config":[],"image_uri":null,"kms_key_arn":null,"layers":null,"memory_size":256,"package_type":"Zip","publish":true,"replace_security_groups_on_destroy":null,"replacement_security_group_ids":null,"reserved_concurrent_executions":-1,"runtime":"python3.12","s3_bucket":null,"s3_key":null,"s3_object_version":null,"skip_destroy":false,"snap_start":[],"source_code_hash":"HJVCjf0OPhWLcKje4uNlsP63jYcC9aJJDuu48AgRPH0=","tags":null,"tags_all":{"Managed":"terraform","Project":"url-shortener"},"timeout":10,"timeouts":null,"vpc_config":[]},"sensitive_values":{"architectures":[],"dead_letter_config":[],"environment":[{"variables":{}}],"ephemeral_storage":[],"file_system_config":[],"image_config":[],"logging_config":[],"snap_start":[],"tags_all":{},"tracing_config":[],"vpc_config":[]}},{"address":"aws_lambda_permission.allow_apigw","mode":"managed","type":"aws_lambda_permission","name":"allow_apigw","provider_name":"registry.terraform.io/hashicorp/aws","schema_version":0,"values":{"action":"lambda:InvokeFunction","event_source_token":null,"function_name":"url-shortener","function_url_auth_type":null,"principal":"apigateway.amazonaws.com","principal_org_id":null,"qualifier":null,"source_account":null,"statement_id":"AllowExecutionFromAPIGateway"},"sensitive_values":{}}]}},"resource_changes":[{"address":"aws_apigatewayv2_api.http_api","mode":"managed","type":"aws_apigatewayv2_api","name":"http_api","provider_name":"registry.terraform.io/hashicorp/aws","change":{"actions":["create"],"before":null,"after":{"api_key_selection_expression":"$request.header.x-api-key","body":null,"cors_configuration":[],"credentials_arn":null,"description":null,"disable_execute_api_endpoint":null,"fail_on_warnings":null,"name":"url-shortener-http-api","protocol_type":"HTTP","route_key":null,"route_selection_expression":"$request.method $request.path","tags":null,"tags_all":{"Managed":"terraform","Project":"url-shortener"},"target":null,"version":null},"after_unknown":{"api_endpoint":true,"arn":true,"cors_configuration":[],"execution_arn":true,"id":true,"ip_address_type":true,"tags_all":{}},"before_sensitive":false,"after_sensitive":{"cors_configuration":[],"tags_all":{}}}},{"address":"aws_apigatewayv2_integration.lambda","mode":"managed","type":"aws_apigatewayv2_integration","name":"lambda","provider_name":"registry.terraform.io/hashicorp/aws","change":{"actions":["create"],"before":null,"after":{"connection_id":null,"connection_type":"INTERNET","content_handling_strategy":null,"credentials_arn":null,"description":null,"integration_method":null,"integration_subtype":null,"integration_type":"AWS_PROXY","passthrough_behavior":null,"payload_format_version":"2.0","request_parameters":null,"request_templates":null,"response_parameters":[],"template_selection_expression":null,"tls_config":[]},"after_unknown":{"api_id":true,"id":true,"integration_response_selection_expression":true,"integration_uri":true,"response_parameters":[],"timeout_milliseconds":true,"tls_config":[]},"before_sensitive":false,"after_sensitive":{"response_parameters":[],"tls_config":[]}}},{"address":"aws_apigatewayv2_route.proxy_get","mode":"managed","type":"aws_apigatewayv2_route","name":"proxy_get","provider_name":"registry.terraform.io/hashicorp/aws","change":{"actions":["create"],"before":null,"after":{"api_key_required":false,"authorization_scopes":null,"authorization_type":"NONE","authorizer_id":null,"model_selection_expression":null,"operation_name":null,"request_models":null,"request_parameter":[],"route_key":"GET /{proxy+}","route_response_selection_expression":null},"after_unknown":{"api_id":true,"id":true,"request_parameter":[],"target":true},"before_sensitive":false,"after_sensitive":{"request_parameter":[]}}},{"address":"aws_apigatewayv2_route.store","mode":"managed","type":"aws_apigatewayv2_route","name":"store","provider_name":"registry.terraform.io/hashicorp/aws","change":{"actions":["create"],"before":null,"after":{"api_key_required":false,"authorization_scopes":null,"authorization_type":"NONE","authorizer_id":null,"model_selection_expression":null,"operation_name":null,"request_models":null,"request_parameter":[],"route_key":"POST /store","route_response_selection_expression":null},"after_unknown":{"api_id":true,"id":true,"request_parameter":[],"target":true},"before_sensitive":false,"after_sensitive":{"request_parameter":[]}}},{"address":"aws_apigatewayv2_stage.default","mode":"managed","type":"aws_apigatewayv2_stage","name":"default","provider_name":"registry.terraform.io/hashicorp/aws","change":{"actions":["create"],"before":null,"after":{"access_log_settings":[],"auto_deploy":true,"client_certificate_id":null,"default_route_settings":[],"description":null,"name":"$default","route_settings":[],"stage_variables":null,"tags":null,"tags_all":{"Managed":"terraform","Project":"url-shortener"}},"after_unknown":{"access_log_settings":[],"api_id":true,"arn":true,"default_route_settings":[],"deployment_id":true,"execution_arn":true,"id":true,"invoke_url":true,"route_settings":[],"tags_all":{}},"before_sensitive":false,"after_sensitive":{"access_log_settings":[],"default_route_settings":[],"route_settings":[],"tags_all":{}}}},{"address":"aws_dynamodb_table.urldb","mode":"managed","type":"aws_dynamodb_table","name":"urldb","provider_name":"registry.terraform.io/hashicorp/aws","change":{"actions":["create"],"before":null,"after":{"attribute":[{"name":"short_url_id","type":"S"}],"billing_mode":"PAY_PER_REQUEST","deletion_protection_enabled":null,"global_secondary_index":[],"hash_key":"short_url_id","import_table":[],"local_secondary_index":[],"name":"URLDB","on_demand_throughput":[],"range_key":null,"replica":[],"restore_date_time":null,"restore_source_name":null,"restore_source_table_arn":null,"restore_to_latest_time":null,"stream_enabled":null,"table_class":null,"tags":null,"tags_all":{"Managed":"terraform","Project":"url-shortener"},"timeouts":null,"ttl":[{"attribute_name":"ttl","enabled":true}]},"after_unknown":{"arn":true,"attribute":[{}],"global_secondary_index":[],"id":true,"import_table":[],"local_secondary_index":[],"on_demand_throughput":[],"point_in_time_recovery":true,"read_capacity":true,"replica":[],"server_side_encryption":true,"stream_arn":true,"stream_label":true,"stream_view_type":true,"tags_all":{},"ttl":[{}],"write_capacity":true},"before_sensitive":false,"after_sensitive":{"attribute":[{}],"global_secondary_index":[],"import_table":[],"local_secondary_index":[],"on_demand_throughput":[],"point_in_time_recovery":[],"replica":[],"server_side_encryption":[],"tags_all":{},"ttl":[{}]}}},{"address":"aws_iam_policy.dynamodb_access","mode":"managed","type":"aws_iam_policy","name":"dynamodb_access","provider_name":"registry.terraform.io/hashicorp/aws","change":{"actions":["create"],"before":null,"after":{"description":"Allow Lambda to read/write URL records in DynamoDB.","name":"url-shortener-dynamodb-access","path":"/","tags":null,"tags_all":{"Managed":"terraform","Project":"url-shortener"}},"after_unknown":{"arn":true,"attachment_count":true,"id":true,"name_prefix":true,"policy":true,"policy_id":true,"tags_all":{}},"before_sensitive":false,"after_sensitive":{"tags_all":{}}}},{"address":"aws_iam_role.lambda_role","mode":"managed","type":"aws_iam_role","name":"lambda_role","provider_name":"registry.terraform.io/hashicorp/aws","change":{"actions":["create"],"before":null,"after":{"assume_role_policy":"{\"Statement\":[{\"Action\":\"sts:AssumeRole\",\"Effect\":\"Allow\",\"Principal\":{\"Service\":\"lambda.amazonaws.com\"}}],\"Version\":\"2012-10-17\"}","description":null,"force_detach_policies":false,"max_session_duration":3600,"name":"url-shortener-lambda-role","path":"/","permissions_boundary":null,"tags":null,"tags_all":{"Managed":"terraform","Project":"url-shortener"}},"after_unknown":{"arn":true,"create_date":true,"id":true,"inline_policy":true,"managed_policy_arns":true,"name_prefix":true,"tags_all":{},"unique_id":true},"before_sensitive":false,"after_sensitive":{"inline_policy":[],"managed_policy_arns":[],"tags_all":{}}}},{"address":"aws_iam_role_policy_attachment.lambda_basic","mode":"managed","type":"aws_iam_role_policy_attachment","name":"lambda_basic","provider_name":"registry.terraform.io/hashicorp/aws","change":{"actions":["create"],"before":null,"after":{"policy_arn":"arn:aws:iam::aws:policy/service-role/AWSLambdaBasicExecutionRole","role":"url-shortener-lambda-role"},"after_unknown":{"id":true},"before_sensitive":false,"after_sensitive":{}}},{"address":"aws_iam_role_policy_attachment.lambda_dynamodb","mode":"managed","type":"aws_iam_role_policy_attachment","name":"lambda_dynamodb","provider_name":"registry.terraform.io/hashicorp/aws","change":{"actions":["create"],"before":null,"after":{"role":"url-shortener-lambda-role"},"after_unknown":{"id":true,"policy_arn":true},"before_sensitive":false,"after_sensitive":{}}},{"address":"aws_lambda_function.app","mode":"managed","type":"aws_lambda_function","name":"app","provider_name":"registry.terraform.io/hashicorp/aws","change":{"actions":["create"],"before":null,"after":{"code_signing_config_arn":null,"dead_letter_config":[],"description":null,"environment":[{"variables":{"DYNAMODB_TABLE":"URLDB"}}],"file_system_config":[],"filename":"./build/lambda.zip","function_name":"url-shortener","handler":"lambda.handler","image_config":[],"image_uri":null,"kms_key_arn":null,"layers":null,"memory_size":256,"package_type":"Zip","publish":true,"replace_security_groups_on_destroy":null,"replacement_security_group_ids":null,"reserved_concurrent_executions":-1,"runtime":"python3.12","s3_bucket":null,"s3_key":null,"s3_object_version":null,"skip_destroy":false,"snap_start":[],"source_code_hash":"HJVCjf0OPhWLcKje4uNlsP63jYcC9aJJDuu48AgRPH0=","tags":null,"tags_all":{"Managed":"terraform","Project":"url-shortener"},"timeout":10,"timeouts":null,"vpc_config":[]},"after_unknown":{"architectures":true,"arn":true,"code_sha256":true,"dead_letter_config":[],"environment":[{"variables":{}}],"ephemeral_storage":true,"file_system_config":[],"id":true,"image_config":[],"invoke_arn":true,"last_modified":true,"logging_config":true,"qualified_arn":true,"qualified_invoke_arn":true,"role":true,"signing_job_arn":true,"signing_profile_version_arn":true,"snap_start":[],"source_code_size":true,"tags_all":{},"tracing_config":true,"version":true,"vpc_config":[]},"before_sensitive":false,"after_sensitive":{"architectures":[],"dead_letter_config":[],"environment":[{"variables":{}}],"ephemeral_storage":[],"file_system_config":[],"image_config":[],"logging_config":[],"snap_start":[],"tags_all":{},"tracing_config":[],"vpc_config":[]}}},{"address":"aws_lambda_permission.allow_apigw","mode":"managed","type":"aws_lambda_permission","name":"allow_apigw","provider_name":"registry.terraform.io/hashicorp/aws","change":{"actions":["create"],"before":null,"after":{"action":"lambda:InvokeFunction","event_source_token":null,"function_name":"url-shortener","function_url_auth_type":null,"principal":"apigateway.amazonaws.com","principal_org_id":null,"qualifier":null,"source_account":null,"statement_id":"AllowExecutionFromAPIGateway"},"after_unknown":{"id":true,"source_arn":true,"statement_id_prefix":true},"before_sensitive":false,"after_sensitive":{}}}],"output_changes":{"api_endpoint":{"actions":["create"],"before":null,"after_unknown":true,"before_sensitive":false,"after_sensitive":false},"dynamodb_table_name":{"actions":["create"],"before":null,"after":"URLDB","after_unknown":false,"before_sensitive":false,"after_sensitive":false},"lambda_function_name":{"actions":["create"],"before":null,"after":"url-shortener","after_unknown":false,"before_sensitive":false,"after_sensitive":false}},"prior_state":{"format_version":"1.0","terraform_version":"1.13.5","values":{"outputs":{"dynamodb_table_name":{"sensitive":false,"value":"URLDB","type":"string"},"lambda_function_name":{"sensitive":false,"value":"url-shortener","type":"string"}},"root_module":{"resources":[{"address":"data.archive_file.lambda_dummy","mode":"data","type":"archive_file","name":"lambda_dummy","provider_name":"registry.terraform.io/hashicorp/archive","schema_version":0,"values":{"exclude_symlink_directories":null,"excludes":null,"id":"58e93fade67637870be5af38eff8d5aa66c7da49","output_base64sha256":"wmbalFzzY/wG3ivChKElOZB3+B4gptmQyIat05p+fU4=","output_base64sha512":"BQYAg1LwEY4tDmry1VoRx6StX0vjH+7LpfB5KAZLVvfJQjioPbBv1QxI6QF6P2U614fU3h9XKBCb9z5Y1ornqA==","output_file_mode":null,"output_md5":"a0dbd832a6a977d6d5b28ea5c85e30fb","output_path":"./.dummy/lambda.zip","output_sha":"58e93fade67637870be5af38eff8d5aa66c7da49","output_sha256":"c266da945cf363fc06de2bc284a125399077f81e20a6d990c886add39a7e7d4e","output_sha512":"0506008352f0118e2d0e6af2d55a11c7a4ad5f4be31feecba5f07928064b56f7c94238a83db06fd50c48e9017a3f653ad787d4de1f5728109bf73e58d68ae7a8","output_size":246,"source":[{"content":"exports.handler = async (event) =\u003e {\n  console.log(\"Dummy lambda invoked\");\n  return { statusCode: 200, body: \"dummy\" };\n};\n","filename":"index.js"}],"source_content":null,"source_content_filename":null,"source_dir":null,"source_file":null,"type":"zip"},"sensitive_values":{"source":[{}]}},{"address":"data.archive_file.lambda_zip","mode":"data","type":"archive_file","name":"lambda_zip","provider_name":"registry.terraform.io/hashicorp/archive","schema_version":0,"values":{"exclude_symlink_directories":null,"excludes":null,"id":"235776908bc89e8fe76b6ca0d5e4a14004c83644","output_base64sha256":"HJVCjf0OPhWLcKje4uNlsP63jYcC9aJJDuu48AgRPH0=","output_base64sha512":"8aA43SpDh7TFXoCvaSzjxgpNnPWydV0GquxIP1pI39WN3ue85GQHOeNVCuXHLeLPNxPOa7/WuCiVbFnpDvKCnA==","output_file_mode":null,"output_md5":"c538aece4a0294521a96e26f5672b3a5","output_path":"./build/lambda.zip","output_sha":"235776908bc89e8fe76b6ca0d5e4a14004c83644","output_sha256":"1c95428dfd0e3e158b70a8dee2e365b0feb78d8702f5a2490eebb8f008113c7d","output_sha512":"f1a038dd2a4387b4c55e80af692ce3c60a4d9cf5b2755d06aaec483f5a48dfd58ddee7bce4640739e3550ae5c72de2cf3713ce6bbfd6b828956c59e90ef2829c","output_size":752,"source":[],"source_content":null,"source_content_filename":null,"source_dir":null,"source_file":"./lambda_src/lambda.py","type":"zip"},"sensitive_values":{"source":[]}}]}}},"configuration":{"provider_config":{"archive":{"name":"archive","full_name":"registry.terraform.io/hashicorp/archive","version_constraint":"~\u003e 2.4"},"aws":{"name":"aws","full_name":"registry.terraform.io/hashicorp/aws","version_constraint":"~\u003e 5.0","expressions":{"default_tags":[{"tags":{"references":["var.app_name"]}}],"region":{"references":["var.aws_region"]}}}},"root_module":{"outputs":{"api_endpoint":{"expression":{"references":["aws_apigatewayv2_api.http_api.api_endpoint","aws_apigatewayv2_api.http_api"]},"description":"Base invoke URL for the HTTP API."},"dynamodb_table_name":{"expression":{"references":["aws_dynamodb_table.urldb.name","aws_dynamodb_table.urldb"]},"description":"DynamoDB table used to store shortened URLs."},"lambda_function_name":{"expression":{"references":["aws_lambda_function.app.function_name","aws_lambda_function.app"]},"description":"Lambda function name."}},"resources":[{"address":"aws_apigatewayv2_api.http_api","mode":"managed","type":"aws_apigatewayv2_api","name":"http_api","provider_config_key":"aws","expressions":{"name":{"references":["var.app_name"]},"protocol_type":{"constant_value":"HTTP"}},"schema_version":0},{"address":"aws_apigatewayv2_integration.lambda","mode":"managed","type":"aws_apigatewayv2_integration","name":"lambda","provider_config_key":"aws","expressions":{"api_id":{"references":["aws_apigatewayv2_api.http_api.id","aws_apigatewayv2_api.http_api"]},"integration_type":{"constant_value":"AWS_PROXY"},"integration_uri":{"references":["aws_lambda_function.app.invoke_arn","aws_lambda_function.app"]},"payload_format_version":{"constant_value":"2.0"}},"schema_version":0},{"address":"aws_apigatewayv2_route.proxy_get","mode":"managed","type":"aws_apigatewayv2_route","name":"proxy_get","provider_config_key":"aws","expressions":{"api_id":{"references":["aws_apigatewayv2_api.http_api.id","aws_apigatewayv2_api.http_api"]},"route_key":{"constant_value":"GET /{proxy+}"},"target":{"references":["aws_apigatewayv2_integration.lambda.id","aws_apigatewayv2_integration.lambda"]}},"schema_version":0},{"address":"aws_apigatewayv2_route.store","mode":"managed","type":"aws_apigatewayv2_route","name":"store","provider_config_key":"aws","expressions":{"api_id":{"references":["aws_apigatewayv2_api.http_api.id","aws_apigatewayv2_api.http_api"]},"route_key":{"constant_value":"POST /store"},"target":{"references":["aws_apigatewayv2_integration.lambda.id","aws_apigatewayv2_integration.lambda"]}},"schema_version":0},{"address":"aws_apigatewayv2_stage.default","mode":"managed","type":"aws_apigatewayv2_stage","name":"default","provider_config_key":"aws","expressions":{"api_id":{"references":["aws_apigatewayv2_api.http_api.id","aws_apigatewayv2_api.http_api"]},"auto_deploy":{"constant_value":true},"name":{"constant_value":"$default"}},"schema_version":0},{"address":"aws_dynamodb_table.urldb","mode":"managed","type":"aws_dynamodb_table","name":"urldb","provider_config_key":"aws","expressions":{"attribute":[{"name":{"constant_value":"short_url_id"},"type":{"constant_value":"S"}}],"billing_mode":{"constant_value":"PAY_PER_REQUEST"},"hash_key":{"constant_value":"short_url_id"},"name":{"references":["var.dynamodb_table_name"]},"ttl":[{"attribute_name":{"constant_value":"ttl"},"enabled":{"constant_value":true}}]},"schema_version":1},{"address":"aws_iam_policy.dynamodb_access","mode":"managed","type":"aws_iam_policy","name":"dynamodb_access","provider_config_key":"aws","expressions":{"description":{"constant_value":"Allow Lambda to read/write URL records in DynamoDB."},"name":{"references":["var.app_name"]},"policy":{"references":["aws_dynamodb_table.urldb.arn","aws_dynamodb_table.urldb"]}},"schema_version":0},{"address":"aws_iam_role.lambda_role","mode":"managed","type":"aws_iam_role","name":"lambda_role","provider_config_key":"aws","expressions":{"assume_role_policy":{},"name":{"references":["var.app_name"]}},"schema_version":0},{"address":"aws_iam_role_policy_attachment.lambda_basic","mode":"managed","type":"aws_iam_role_policy_attachment","name":"lambda_basic","provider_config_key":"aws","expressions":{"policy_arn":{"constant_value":"arn:aws:iam::aws:policy/service-role/AWSLambdaBasicExecutionRole"},"role":{"references":["aws_iam_role.lambda_role.name","aws_iam_role.lambda_role"]}},"schema_version":0},{"address":"aws_iam_role_policy_attachment.lambda_dynamodb","mode":"managed","type":"aws_iam_role_policy_attachment","name":"lambda_dynamodb","provider_config_key":"aws","expressions":{"policy_arn":{"references":["aws_iam_policy.dynamodb_access.arn","aws_iam_policy.dynamodb_access"]},"role":{"references":["aws_iam_role.lambda_role.name","aws_iam_role.lambda_role"]}},"schema_version":0},{"address":"aws_lambda_function.app","mode":"managed","type":"aws_lambda_function","name":"app","provider_config_key":"aws","expressions":{"environment":[{"variables":{"references":["var.dynamodb_table_name"]}}],"filename":{"references":["data.archive_file.lambda_zip.output_path","data.archive_file.lambda_zip"]},"function_name":{"references":["var.lambda_function_name"]},"handler":{"constant_value":"lambda.handler"},"memory_size":{"references":["var.lambda_memory_size"]},"publish":{"constant_value":true},"role":{"references":["aws_iam_role.lambda_role.arn","aws_iam_role.lambda_role"]},"runtime":{"references":["var.lambda_runtime"]},"source_code_hash":{"references":["data.archive_file.lambda_zip.output_base64sha256","data.archive_file.lambda_zip"]},"timeout":{"references":["var.lambda_timeout"]}},"schema_version":0,"depends_on":["aws_iam_role_policy_attachment.lambda_basic","aws_iam_role_policy_attachment.lambda_dynamodb"]},{"address":"aws_lambda_permission.allow_apigw","mode":"managed","type":"aws_lambda_permission","name":"allow_apigw","provider_config_key":"aws","expressions":{"action":{"constant_value":"lambda:InvokeFunction"},"function_name":{"references":["aws_lambda_function.app.function_name","aws_lambda_function.app"]},"principal":{"constant_value":"apigateway.amazonaws.com"},"source_arn":{"references":["aws_apigatewayv2_api.http_api.execution_arn","aws_apigatewayv2_api.http_api"]},"statement_id":{"constant_value":"AllowExecutionFromAPIGateway"}},"schema_version":0},{"address":"data.archive_file.lambda_dummy","mode":"data","type":"archive_file","name":"lambda_dummy","provider_config_key":"archive","expressions":{"output_path":{"references":["local.lambda_dummy_zip"]},"source":[{"content":{"constant_value":"exports.handler = async (event) =\u003e {\n  console.log(\"Dummy lambda invoked\");\n  return { statusCode: 200, body: \"dummy\" };\n};\n"},"filename":{"constant_value":"index.js"}}],"type":{"constant_value":"zip"}},"schema_version":0},{"address":"data.archive_file.lambda_zip","mode":"data","type":"archive_file","name":"lambda_zip","provider_config_key":"archive","expressions":{"output_path":{"references":["path.module"]},"source_file":{"references":["local.lambda_src_dir"]},"type":{"constant_value":"zip"}},"schema_version":0}],"variables":{"app_name":{"default":"url-shortener","description":"Application name used for naming/tagging."},"aws_region":{"default":"us-east-1","description":"AWS region to deploy into."},"dynamodb_table_name":{"default":"URLDB","description":"DynamoDB table name used by the Lambda function. Must match the hardcoded name in lambda.py unless you change the code."},"lambda_function_name":{"default":"url-shortener","description":"Lambda function name."},"lambda_memory_size":{"default":256,"description":"Lambda memory size in MB."},"lambda_runtime":{"default":"python3.12","description":"Lambda runtime."},"lambda_timeout":{"default":10,"description":"Lambda timeout in seconds."}}}},"relevant_attributes":[{"resource":"aws_dynamodb_table.urldb","attribute":["name"]},{"resource":"data.archive_file.lambda_zip","attribute":["output_base64sha256"]},{"resource":"aws_iam_policy.dynamodb_access","attribute":["arn"]},{"resource":"aws_iam_role.lambda_role","attribute":["name"]},{"resource":"aws_apigatewayv2_api.http_api","attribute":["execution_arn"]},{"resource":"aws_lambda_function.app","attribute":["function_name"]},{"resource":"aws_apigatewayv2_api.http_api","attribute":["api_endpoint"]},{"resource":"aws_apigatewayv2_integration.lambda","attribute":["id"]},{"resource":"aws_lambda_function.app","attribute":["invoke_arn"]},{"resource":"aws_apigatewayv2_api.http_api","attribute":["id"]},{"resource":"aws_dynamodb_table.urldb","attribute":["arn"]},{"resource":"data.archive_file.lambda_zip","attribute":["output_path"]},{"resource":"aws_iam_role.lambda_role","attribute":["arn"]}],"timestamp":"2026-01-26T19:56:38Z","applyable":true,"complete":true,"errored":false}
