data.archive_file.lambda_dummy: Reading...
data.archive_file.lambda_dummy: Read complete after 0s [id=58e93fade67637870be5af38eff8d5aa66c7da49]
data.aws_iam_policy_document.lambda_assume_role_policy: Reading...
data.aws_iam_policy_document.lambda_assume_role_policy: Read complete after 0s [id=2690255455]

Terraform used the selected providers to generate the following execution
plan. Resource actions are indicated with the following symbols:
  + create
 <= read (data resources)

Terraform will perform the following actions:

  # data.aws_iam_policy_document.lambda_policy will be read during apply
  # (config refers to values not yet known)
 <= data "aws_iam_policy_document" "lambda_policy" {
      + id            = (known after apply)
      + json          = (known after apply)
      + minified_json = (known after apply)

      + statement {
          + actions   = [
              + "s3:GetObject",
              + "s3:ListBucket",
              + "s3:PutObject",
            ]
          + resources = [
              + (known after apply),
              + (known after apply),
            ]
        }
      + statement {
          + actions   = [
              + "sqs:DeleteMessage",
              + "sqs:GetQueueAttributes",
              + "sqs:ReceiveMessage",
              + "sqs:SendMessage",
            ]
          + resources = [
              + (known after apply),
            ]
        }
      + statement {
          + actions   = [
              + "logs:CreateLogGroup",
              + "logs:CreateLogStream",
              + "logs:PutLogEvents",
            ]
          + resources = [
              + "arn:aws:logs:*:*:*",
            ]
        }
    }

  # aws_cloudwatch_log_group.lambda_log_group will be created
  + resource "aws_cloudwatch_log_group" "lambda_log_group" {
      + arn                         = (known after apply)
      + deletion_protection_enabled = (known after apply)
      + id                          = (known after apply)
      + log_group_class             = (known after apply)
      + name                        = "/aws/lambda/go-serverless-lambda"
      + name_prefix                 = (known after apply)
      + region                      = "us-east-1"
      + retention_in_days           = 14
      + skip_destroy                = false
      + tags_all                    = (known after apply)
    }

  # aws_iam_role.lambda_exec will be created
  + resource "aws_iam_role" "lambda_exec" {
      + arn                   = (known after apply)
      + assume_role_policy    = jsonencode(
            {
              + Statement = [
                  + {
                      + Action    = "sts:AssumeRole"
                      + Effect    = "Allow"
                      + Principal = {
                          + Service = "lambda.amazonaws.com"
                        }
                    },
                ]
              + Version   = "2012-10-17"
            }
        )
      + create_date           = (known after apply)
      + force_detach_policies = false
      + id                    = (known after apply)
      + managed_policy_arns   = (known after apply)
      + max_session_duration  = 3600
      + name                  = "lambda_exec_role"
      + name_prefix           = (known after apply)
      + path                  = "/"
      + tags_all              = (known after apply)
      + unique_id             = (known after apply)

      + inline_policy (known after apply)
    }

  # aws_iam_role_policy.lambda_policy will be created
  + resource "aws_iam_role_policy" "lambda_policy" {
      + id          = (known after apply)
      + name        = "lambda_policy"
      + name_prefix = (known after apply)
      + policy      = (known after apply)
      + role        = (known after apply)
    }

  # aws_lambda_function.go_lambda will be created
  + resource "aws_lambda_function" "go_lambda" {
      + architectures                  = (known after apply)
      + arn                            = (known after apply)
      + code_sha256                    = (known after apply)
      + filename                       = "./.dummy/lambda.zip"
      + function_name                  = "go-serverless-lambda"
      + handler                        = "bootstrap"
      + id                             = (known after apply)
      + invoke_arn                     = (known after apply)
      + last_modified                  = (known after apply)
      + memory_size                    = 128
      + package_type                   = "Zip"
      + publish                        = false
      + qualified_arn                  = (known after apply)
      + qualified_invoke_arn           = (known after apply)
      + region                         = "us-east-1"
      + reserved_concurrent_executions = -1
      + role                           = (known after apply)
      + runtime                        = "go1.x"
      + signing_job_arn                = (known after apply)
      + signing_profile_version_arn    = (known after apply)
      + skip_destroy                   = false
      + source_code_hash               = "wmbalFzzY/wG3ivChKElOZB3+B4gptmQyIat05p+fU4="
      + source_code_size               = (known after apply)
      + tags_all                       = (known after apply)
      + timeout                        = 3
      + version                        = (known after apply)

      + environment {
          + variables = {
              + "S3_BUCKET" = "go-serverless-bucket"
              + "SQS_QUEUE" = "go-serverless-queue"
            }
        }

      + ephemeral_storage (known after apply)

      + logging_config (known after apply)

      + tracing_config (known after apply)
    }

  # aws_s3_bucket.lambda_bucket will be created
  + resource "aws_s3_bucket" "lambda_bucket" {
      + acceleration_status         = (known after apply)
      + acl                         = (known after apply)
      + arn                         = (known after apply)
      + bucket                      = "go-serverless-bucket"
      + bucket_domain_name          = (known after apply)
      + bucket_prefix               = (known after apply)
      + bucket_region               = (known after apply)
      + bucket_regional_domain_name = (known after apply)
      + force_destroy               = true
      + hosted_zone_id              = (known after apply)
      + id                          = (known after apply)
      + object_lock_enabled         = (known after apply)
      + policy                      = (known after apply)
      + region                      = "us-east-1"
      + request_payer               = (known after apply)
      + tags_all                    = (known after apply)
      + website_domain              = (known after apply)
      + website_endpoint            = (known after apply)

      + cors_rule (known after apply)

      + grant (known after apply)

      + lifecycle_rule (known after apply)

      + logging (known after apply)

      + object_lock_configuration (known after apply)

      + replication_configuration (known after apply)

      + server_side_encryption_configuration (known after apply)

      + versioning (known after apply)

      + website (known after apply)
    }

  # aws_sqs_queue.lambda_queue will be created
  + resource "aws_sqs_queue" "lambda_queue" {
      + arn                               = (known after apply)
      + content_based_deduplication       = false
      + deduplication_scope               = (known after apply)
      + delay_seconds                     = 0
      + fifo_queue                        = false
      + fifo_throughput_limit             = (known after apply)
      + id                                = (known after apply)
      + kms_data_key_reuse_period_seconds = (known after apply)
      + max_message_size                  = 262144
      + message_retention_seconds         = 345600
      + name                              = "go-serverless-queue"
      + name_prefix                       = (known after apply)
      + policy                            = (known after apply)
      + receive_wait_time_seconds         = 0
      + redrive_allow_policy              = (known after apply)
      + redrive_policy                    = (known after apply)
      + region                            = "us-east-1"
      + sqs_managed_sse_enabled           = (known after apply)
      + tags_all                          = (known after apply)
      + url                               = (known after apply)
      + visibility_timeout_seconds        = 30
    }

Plan: 6 to add, 0 to change, 0 to destroy.

Changes to Outputs:
  + lambda_function_name = "go-serverless-lambda"
  + lambda_iam_role_arn  = (known after apply)
  + s3_bucket_name       = "go-serverless-bucket"
  + sqs_queue_url        = (known after apply)
aws_sqs_queue.lambda_queue: Creating...
aws_iam_role.lambda_exec: Creating...
aws_s3_bucket.lambda_bucket: Creating...
aws_iam_role.lambda_exec: Creation complete after 0s [id=lambda_exec_role]
aws_sqs_queue.lambda_queue: Still creating... [00m10s elapsed]
aws_sqs_queue.lambda_queue: Still creating... [00m20s elapsed]
aws_sqs_queue.lambda_queue: Creation complete after 25s [id=http://sqs.us-east-1.localhost.localstack.cloud:4566/000000000000/go-serverless-queue]
