
Terraform used the selected providers to generate the following execution
plan. Resource actions are indicated with the following symbols:
  + create

Terraform will perform the following actions:

  # aws_ecr_repository.my_repository will be created
  + resource "aws_ecr_repository" "my_repository" {
      + arn                  = (known after apply)
      + id                   = (known after apply)
      + image_tag_mutability = "MUTABLE"
      + name                 = "my-repo"
      + region               = "us-west-2"
      + registry_id          = (known after apply)
      + repository_url       = (known after apply)
      + tags_all             = (known after apply)
    }

  # aws_instance.app_server will be created
  + resource "aws_instance" "app_server" {
      + ami                                  = "ami-0c55b159cbfafe1f0"
      + arn                                  = (known after apply)
      + associate_public_ip_address          = (known after apply)
      + availability_zone                    = (known after apply)
      + disable_api_stop                     = (known after apply)
      + disable_api_termination              = (known after apply)
      + ebs_optimized                        = (known after apply)
      + enable_primary_ipv6                  = (known after apply)
      + force_destroy                        = false
      + get_password_data                    = false
      + host_id                              = (known after apply)
      + host_resource_group_arn              = (known after apply)
      + iam_instance_profile                 = (known after apply)
      + id                                   = (known after apply)
      + instance_initiated_shutdown_behavior = (known after apply)
      + instance_lifecycle                   = (known after apply)
      + instance_state                       = (known after apply)
      + instance_type                        = "t2.micro"
      + ipv6_address_count                   = (known after apply)
      + ipv6_addresses                       = (known after apply)
      + key_name                             = (known after apply)
      + monitoring                           = (known after apply)
      + outpost_arn                          = (known after apply)
      + password_data                        = (known after apply)
      + placement_group                      = (known after apply)
      + placement_group_id                   = (known after apply)
      + placement_partition_number           = (known after apply)
      + primary_network_interface_id         = (known after apply)
      + private_dns                          = (known after apply)
      + private_ip                           = (known after apply)
      + public_dns                           = (known after apply)
      + public_ip                            = (known after apply)
      + region                               = "us-west-2"
      + secondary_private_ips                = (known after apply)
      + security_groups                      = (known after apply)
      + source_dest_check                    = true
      + spot_instance_request_id             = (known after apply)
      + subnet_id                            = (known after apply)
      + tags                                 = {
          + "Name" = "AppServer"
        }
      + tags_all                             = {
          + "Name" = "AppServer"
        }
      + tenancy                              = (known after apply)
      + user_data_base64                     = (known after apply)
      + user_data_replace_on_change          = false
      + vpc_security_group_ids               = (known after apply)

      + capacity_reservation_specification (known after apply)

      + cpu_options (known after apply)

      + ebs_block_device (known after apply)

      + enclave_options (known after apply)

      + ephemeral_block_device (known after apply)

      + instance_market_options (known after apply)

      + maintenance_options (known after apply)

      + metadata_options (known after apply)

      + network_interface (known after apply)

      + primary_network_interface (known after apply)

      + private_dns_name_options (known after apply)

      + root_block_device (known after apply)
    }

  # aws_instance.openvpn_server will be created
  + resource "aws_instance" "openvpn_server" {
      + ami                                  = "ami-0c55b159cbfafe1f0"
      + arn                                  = (known after apply)
      + associate_public_ip_address          = (known after apply)
      + availability_zone                    = (known after apply)
      + disable_api_stop                     = (known after apply)
      + disable_api_termination              = (known after apply)
      + ebs_optimized                        = (known after apply)
      + enable_primary_ipv6                  = (known after apply)
      + force_destroy                        = false
      + get_password_data                    = false
      + host_id                              = (known after apply)
      + host_resource_group_arn              = (known after apply)
      + iam_instance_profile                 = (known after apply)
      + id                                   = (known after apply)
      + instance_initiated_shutdown_behavior = (known after apply)
      + instance_lifecycle                   = (known after apply)
      + instance_state                       = (known after apply)
      + instance_type                        = "t2.micro"
      + ipv6_address_count                   = (known after apply)
      + ipv6_addresses                       = (known after apply)
      + key_name                             = (known after apply)
      + monitoring                           = (known after apply)
      + outpost_arn                          = (known after apply)
      + password_data                        = (known after apply)
      + placement_group                      = (known after apply)
      + placement_group_id                   = (known after apply)
      + placement_partition_number           = (known after apply)
      + primary_network_interface_id         = (known after apply)
      + private_dns                          = (known after apply)
      + private_ip                           = (known after apply)
      + public_dns                           = (known after apply)
      + public_ip                            = (known after apply)
      + region                               = "us-west-2"
      + secondary_private_ips                = (known after apply)
      + security_groups                      = (known after apply)
      + source_dest_check                    = true
      + spot_instance_request_id             = (known after apply)
      + subnet_id                            = (known after apply)
      + tags                                 = {
          + "Name" = "OpenVPNServer"
        }
      + tags_all                             = {
          + "Name" = "OpenVPNServer"
        }
      + tenancy                              = (known after apply)
      + user_data_base64                     = (known after apply)
      + user_data_replace_on_change          = false
      + vpc_security_group_ids               = (known after apply)

      + capacity_reservation_specification (known after apply)

      + cpu_options (known after apply)

      + ebs_block_device (known after apply)

      + enclave_options (known after apply)

      + ephemeral_block_device (known after apply)

      + instance_market_options (known after apply)

      + maintenance_options (known after apply)

      + metadata_options (known after apply)

      + network_interface (known after apply)

      + primary_network_interface (known after apply)

      + private_dns_name_options (known after apply)

      + root_block_device (known after apply)
    }

  # aws_kms_key.my_key will be created
  + resource "aws_kms_key" "my_key" {
      + arn                                = (known after apply)
      + bypass_policy_lockout_safety_check = false
      + customer_master_key_spec           = "SYMMETRIC_DEFAULT"
      + deletion_window_in_days            = 10
      + description                        = "KMS key for encrypting data"
      + enable_key_rotation                = false
      + id                                 = (known after apply)
      + is_enabled                         = true
      + key_id                             = (known after apply)
      + key_usage                          = "ENCRYPT_DECRYPT"
      + multi_region                       = (known after apply)
      + policy                             = (known after apply)
      + region                             = "us-west-2"
      + rotation_period_in_days            = (known after apply)
      + tags_all                           = (known after apply)
    }

  # aws_network_interface_sg_attachment.app_sg_attachment will be created
  + resource "aws_network_interface_sg_attachment" "app_sg_attachment" {
      + id                   = (known after apply)
      + network_interface_id = (known after apply)
      + region               = "us-west-2"
      + security_group_id    = (known after apply)
    }

  # aws_network_interface_sg_attachment.sg_attachment will be created
  + resource "aws_network_interface_sg_attachment" "sg_attachment" {
      + id                   = (known after apply)
      + network_interface_id = (known after apply)
      + region               = "us-west-2"
      + security_group_id    = (known after apply)
    }

  # aws_s3_bucket.nfs_bucket will be created
  + resource "aws_s3_bucket" "nfs_bucket" {
      + acceleration_status         = (known after apply)
      + acl                         = (known after apply)
      + arn                         = (known after apply)
      + bucket                      = "my-nfs-bucket"
      + bucket_domain_name          = (known after apply)
      + bucket_prefix               = (known after apply)
      + bucket_region               = (known after apply)
      + bucket_regional_domain_name = (known after apply)
      + force_destroy               = false
      + hosted_zone_id              = (known after apply)
      + id                          = (known after apply)
      + object_lock_enabled         = (known after apply)
      + policy                      = (known after apply)
      + region                      = "us-west-2"
      + request_payer               = (known after apply)
      + tags_all                    = (known after apply)
      + website_domain              = (known after apply)
      + website_endpoint            = (known after apply)

      + cors_rule (known after apply)

      + grant (known after apply)

      + lifecycle_rule (known after apply)

      + logging (known after apply)

      + object_lock_configuration (known after apply)

      + replication_configuration (known after apply)

      + server_side_encryption_configuration (known after apply)

      + versioning (known after apply)

      + website (known after apply)
    }

  # aws_s3_bucket_acl.nfs_bucket_acl will be created
  + resource "aws_s3_bucket_acl" "nfs_bucket_acl" {
      + acl    = "private"
      + bucket = "my-nfs-bucket"
      + id     = (known after apply)
      + region = "us-west-2"

      + access_control_policy (known after apply)
    }

  # aws_security_group.app_sg will be created
  + resource "aws_security_group" "app_sg" {
      + arn                    = (known after apply)
      + description            = "Allow all inbound traffic for OpenVPN and App Server"
      + egress                 = [
          + {
              + cidr_blocks      = [
                  + "0.0.0.0/0",
                ]
              + from_port        = 0
              + ipv6_cidr_blocks = []
              + prefix_list_ids  = []
              + protocol         = "-1"
              + security_groups  = []
              + self             = false
              + to_port          = 0
                # (1 unchanged attribute hidden)
            },
        ]
      + id                     = (known after apply)
      + ingress                = [
          + {
              + cidr_blocks      = [
                  + "0.0.0.0/0",
                ]
              + from_port        = 0
              + ipv6_cidr_blocks = []
              + prefix_list_ids  = []
              + protocol         = "tcp"
              + security_groups  = []
              + self             = false
              + to_port          = 65535
                # (1 unchanged attribute hidden)
            },
        ]
      + name                   = "app-security-group"
      + name_prefix            = (known after apply)
      + owner_id               = (known after apply)
      + region                 = "us-west-2"
      + revoke_rules_on_delete = false
      + tags_all               = (known after apply)
      + vpc_id                 = (known after apply)
    }

  # aws_subnet.main will be created
  + resource "aws_subnet" "main" {
      + arn                                            = (known after apply)
      + assign_ipv6_address_on_creation                = false
      + availability_zone                              = "us-west-2a"
      + availability_zone_id                           = (known after apply)
      + cidr_block                                     = "10.0.1.0/24"
      + enable_dns64                                   = false
      + enable_resource_name_dns_a_record_on_launch    = false
      + enable_resource_name_dns_aaaa_record_on_launch = false
      + id                                             = (known after apply)
      + ipv6_cidr_block_association_id                 = (known after apply)
      + ipv6_native                                    = false
      + map_public_ip_on_launch                        = false
      + owner_id                                       = (known after apply)
      + private_dns_hostname_type_on_launch            = (known after apply)
      + region                                         = "us-west-2"
      + tags                                           = {
          + "Name" = "main-subnet"
        }
      + tags_all                                       = {
          + "Name" = "main-subnet"
        }
      + vpc_id                                         = (known after apply)
    }

  # aws_vpc.main will be created
  + resource "aws_vpc" "main" {
      + arn                                  = (known after apply)
      + cidr_block                           = "10.0.0.0/16"
      + default_network_acl_id               = (known after apply)
      + default_route_table_id               = (known after apply)
      + default_security_group_id            = (known after apply)
      + dhcp_options_id                      = (known after apply)
      + enable_dns_hostnames                 = (known after apply)
      + enable_dns_support                   = true
      + enable_network_address_usage_metrics = (known after apply)
      + id                                   = (known after apply)
      + instance_tenancy                     = "default"
      + ipv6_association_id                  = (known after apply)
      + ipv6_cidr_block                      = (known after apply)
      + ipv6_cidr_block_network_border_group = (known after apply)
      + main_route_table_id                  = (known after apply)
      + owner_id                             = (known after apply)
      + region                               = "us-west-2"
      + tags                                 = {
          + "Name" = "main-vpc"
        }
      + tags_all                             = {
          + "Name" = "main-vpc"
        }
    }

Plan: 11 to add, 0 to change, 0 to destroy.
aws_ecr_repository.my_repository: Creating...
aws_kms_key.my_key: Creating...
aws_vpc.main: Creating...
aws_s3_bucket.nfs_bucket: Creating...
aws_kms_key.my_key: Creation complete after 2s [id=69820e12-9770-4c44-b034-479875c1592e]
aws_ecr_repository.my_repository: Creation complete after 6s [id=my-repo]
aws_vpc.main: Creation complete after 6s [id=vpc-5584bc4783314d7b9]
aws_subnet.main: Creating...
aws_security_group.app_sg: Creating...
aws_subnet.main: Creation complete after 0s [id=subnet-0b9eb819e2fcc2977]
aws_instance.openvpn_server: Creating...
aws_instance.app_server: Creating...
aws_security_group.app_sg: Creation complete after 0s [id=sg-a9000ec6d1ac67aa4]
aws_s3_bucket.nfs_bucket: Still creating... [00m10s elapsed]
aws_instance.app_server: Still creating... [00m10s elapsed]
aws_instance.openvpn_server: Still creating... [00m10s elapsed]
aws_s3_bucket.nfs_bucket: Still creating... [00m20s elapsed]
aws_s3_bucket.nfs_bucket: Still creating... [00m30s elapsed]
aws_s3_bucket.nfs_bucket: Still creating... [00m40s elapsed]
aws_s3_bucket.nfs_bucket: Still creating... [00m50s elapsed]
aws_s3_bucket.nfs_bucket: Still creating... [01m00s elapsed]
aws_s3_bucket.nfs_bucket: Still creating... [01m10s elapsed]
aws_s3_bucket.nfs_bucket: Still creating... [01m20s elapsed]
aws_s3_bucket.nfs_bucket: Still creating... [01m30s elapsed]
aws_s3_bucket.nfs_bucket: Still creating... [01m40s elapsed]
aws_s3_bucket.nfs_bucket: Still creating... [01m50s elapsed]
aws_s3_bucket.nfs_bucket: Still creating... [02m00s elapsed]
aws_s3_bucket.nfs_bucket: Still creating... [02m10s elapsed]
aws_s3_bucket.nfs_bucket: Still creating... [02m20s elapsed]
aws_s3_bucket.nfs_bucket: Still creating... [02m30s elapsed]
aws_s3_bucket.nfs_bucket: Still creating... [02m40s elapsed]
aws_s3_bucket.nfs_bucket: Still creating... [02m50s elapsed]
