
Terraform used the selected providers to generate the following execution
plan. Resource actions are indicated with the following symbols:
  + create

Terraform will perform the following actions:

  # aws_dynamodb_table.app will be created
  + resource "aws_dynamodb_table" "app" {
      + arn              = (known after apply)
      + billing_mode     = "PAY_PER_REQUEST"
      + hash_key         = "pk"
      + id               = (known after apply)
      + name             = "pynecone-app-app"
      + range_key        = "sk"
      + read_capacity    = (known after apply)
      + region           = "us-east-1"
      + stream_arn       = (known after apply)
      + stream_label     = (known after apply)
      + stream_view_type = (known after apply)
      + tags_all         = {
          + "Managed" = "terraform"
          + "Project" = "pynecone-app"
        }
      + write_capacity   = (known after apply)

      + attribute {
          + name = "pk"
          + type = "S"
        }
      + attribute {
          + name = "sk"
          + type = "S"
        }

      + global_secondary_index (known after apply)

      + global_table_witness (known after apply)

      + point_in_time_recovery (known after apply)

      + server_side_encryption (known after apply)

      + ttl (known after apply)

      + warm_throughput (known after apply)
    }

  # aws_s3_bucket.artifacts will be created
  + resource "aws_s3_bucket" "artifacts" {
      + acceleration_status         = (known after apply)
      + acl                         = (known after apply)
      + arn                         = (known after apply)
      + bucket                      = (known after apply)
      + bucket_domain_name          = (known after apply)
      + bucket_prefix               = "pynecone-app-artifacts-"
      + bucket_region               = (known after apply)
      + bucket_regional_domain_name = (known after apply)
      + force_destroy               = true
      + hosted_zone_id              = (known after apply)
      + id                          = (known after apply)
      + object_lock_enabled         = (known after apply)
      + policy                      = (known after apply)
      + region                      = "us-east-1"
      + request_payer               = (known after apply)
      + tags_all                    = {
          + "Managed" = "terraform"
          + "Project" = "pynecone-app"
        }
      + website_domain              = (known after apply)
      + website_endpoint            = (known after apply)

      + cors_rule (known after apply)

      + grant (known after apply)

      + lifecycle_rule (known after apply)

      + logging (known after apply)

      + object_lock_configuration (known after apply)

      + replication_configuration (known after apply)

      + server_side_encryption_configuration (known after apply)

      + versioning (known after apply)

      + website (known after apply)
    }

  # aws_s3_bucket_public_access_block.artifacts will be created
  + resource "aws_s3_bucket_public_access_block" "artifacts" {
      + block_public_acls       = true
      + block_public_policy     = true
      + bucket                  = (known after apply)
      + id                      = (known after apply)
      + ignore_public_acls      = true
      + region                  = "us-east-1"
      + restrict_public_buckets = true
    }

  # aws_s3_bucket_versioning.artifacts will be created
  + resource "aws_s3_bucket_versioning" "artifacts" {
      + bucket = (known after apply)
      + id     = (known after apply)
      + region = "us-east-1"

      + versioning_configuration {
          + mfa_delete = (known after apply)
          + status     = "Enabled"
        }
    }

Plan: 4 to add, 0 to change, 0 to destroy.

Changes to Outputs:
  + artifacts_bucket_name = (known after apply)
  + dynamodb_table_name   = "pynecone-app-app"
