data.archive_file.lambda_dummy: Reading...
data.archive_file.lambda_dummy: Read complete after 0s [id=58e93fade67637870be5af38eff8d5aa66c7da49]

Terraform used the selected providers to generate the following execution
plan. Resource actions are indicated with the following symbols:
  + create

Terraform will perform the following actions:

  # aws_iam_policy.lambda_policy will be created
  + resource "aws_iam_policy" "lambda_policy" {
      + arn              = (known after apply)
      + attachment_count = (known after apply)
      + id               = (known after apply)
      + name             = "ai-basis-lambda-policy"
      + name_prefix      = (known after apply)
      + path             = "/"
      + policy           = (known after apply)
      + policy_id        = (known after apply)
      + tags_all         = (known after apply)
    }

  # aws_iam_role.lambda_exec will be created
  + resource "aws_iam_role" "lambda_exec" {
      + arn                   = (known after apply)
      + assume_role_policy    = jsonencode(
            {
              + Statement = [
                  + {
                      + Action    = "sts:AssumeRole"
                      + Effect    = "Allow"
                      + Principal = {
                          + Service = "lambda.amazonaws.com"
                        }
                    },
                ]
              + Version   = "2012-10-17"
            }
        )
      + create_date           = (known after apply)
      + force_detach_policies = false
      + id                    = (known after apply)
      + managed_policy_arns   = (known after apply)
      + max_session_duration  = 3600
      + name                  = "ai-basis-lambda-exec-role"
      + name_prefix           = (known after apply)
      + path                  = "/"
      + tags_all              = (known after apply)
      + unique_id             = (known after apply)

      + inline_policy (known after apply)
    }

  # aws_iam_role_policy_attachment.lambda_policy_attach will be created
  + resource "aws_iam_role_policy_attachment" "lambda_policy_attach" {
      + id         = (known after apply)
      + policy_arn = (known after apply)
      + role       = "ai-basis-lambda-exec-role"
    }

  # aws_lambda_function.app_lambda will be created
  + resource "aws_lambda_function" "app_lambda" {
      + architectures                  = (known after apply)
      + arn                            = (known after apply)
      + code_sha256                    = (known after apply)
      + filename                       = "./.dummy/lambda.zip"
      + function_name                  = "ai-basis-lambda"
      + handler                        = "lambda_function.lambda_handler"
      + id                             = (known after apply)
      + invoke_arn                     = (known after apply)
      + last_modified                  = (known after apply)
      + memory_size                    = 128
      + package_type                   = "Zip"
      + publish                        = false
      + qualified_arn                  = (known after apply)
      + qualified_invoke_arn           = (known after apply)
      + region                         = "us-east-1"
      + reserved_concurrent_executions = -1
      + response_streaming_invoke_arn  = (known after apply)
      + role                           = (known after apply)
      + runtime                        = "python3.8"
      + signing_job_arn                = (known after apply)
      + signing_profile_version_arn    = (known after apply)
      + skip_destroy                   = false
      + source_code_hash               = "wmbalFzzY/wG3ivChKElOZB3+B4gptmQyIat05p+fU4="
      + source_code_size               = (known after apply)
      + tags                           = {
          + "Name" = "ai-basis-lambda"
        }
      + tags_all                       = {
          + "Name" = "ai-basis-lambda"
        }
      + timeout                        = 3
      + version                        = (known after apply)

      + environment {
          + variables = (known after apply)
        }

      + ephemeral_storage (known after apply)

      + logging_config (known after apply)

      + tracing_config (known after apply)
    }

  # aws_lambda_permission.allow_s3 will be created
  + resource "aws_lambda_permission" "allow_s3" {
      + action              = "lambda:InvokeFunction"
      + function_name       = "ai-basis-lambda"
      + id                  = (known after apply)
      + principal           = "s3.amazonaws.com"
      + region              = "us-east-1"
      + source_arn          = (known after apply)
      + statement_id        = "AllowExecutionFromS3"
      + statement_id_prefix = (known after apply)
    }

  # aws_s3_bucket.lambda_events will be created
  + resource "aws_s3_bucket" "lambda_events" {
      + acceleration_status         = (known after apply)
      + acl                         = (known after apply)
      + arn                         = (known after apply)
      + bucket                      = (known after apply)
      + bucket_domain_name          = (known after apply)
      + bucket_prefix               = (known after apply)
      + bucket_region               = (known after apply)
      + bucket_regional_domain_name = (known after apply)
      + force_destroy               = true
      + hosted_zone_id              = (known after apply)
      + id                          = (known after apply)
      + object_lock_enabled         = (known after apply)
      + policy                      = (known after apply)
      + region                      = "us-east-1"
      + request_payer               = (known after apply)
      + tags                        = {
          + "Name" = "ai-basis-lambda-events"
        }
      + tags_all                    = {
          + "Name" = "ai-basis-lambda-events"
        }
      + website_domain              = (known after apply)
      + website_endpoint            = (known after apply)

      + cors_rule (known after apply)

      + grant (known after apply)

      + lifecycle_rule (known after apply)

      + logging (known after apply)

      + object_lock_configuration (known after apply)

      + replication_configuration (known after apply)

      + server_side_encryption_configuration (known after apply)

      + versioning (known after apply)

      + website (known after apply)
    }

  # aws_s3_bucket_notification.lambda_trigger will be created
  + resource "aws_s3_bucket_notification" "lambda_trigger" {
      + bucket      = (known after apply)
      + eventbridge = false
      + id          = (known after apply)
      + region      = "us-east-1"

      + lambda_function {
          + events              = [
              + "s3:ObjectCreated:*",
            ]
          + filter_prefix       = "source/"
          + id                  = (known after apply)
          + lambda_function_arn = (known after apply)
        }
    }

  # random_id.suffix will be created
  + resource "random_id" "suffix" {
      + b64_std     = (known after apply)
      + b64_url     = (known after apply)
      + byte_length = 4
      + dec         = (known after apply)
      + hex         = (known after apply)
      + id          = (known after apply)
    }

Plan: 8 to add, 0 to change, 0 to destroy.

Changes to Outputs:
  + lambda_function_name = "ai-basis-lambda"
  + s3_bucket_name       = (known after apply)
random_id.suffix: Creating...
random_id.suffix: Creation complete after 0s [id=h3I4EQ]
aws_iam_role.lambda_exec: Creating...
aws_s3_bucket.lambda_events: Creating...
aws_iam_role.lambda_exec: Creation complete after 1s [id=ai-basis-lambda-exec-role]
aws_s3_bucket.lambda_events: Still creating... [00m10s elapsed]
aws_s3_bucket.lambda_events: Still creating... [00m20s elapsed]
aws_s3_bucket.lambda_events: Still creating... [00m30s elapsed]
aws_s3_bucket.lambda_events: Still creating... [00m40s elapsed]
aws_s3_bucket.lambda_events: Still creating... [00m50s elapsed]
aws_s3_bucket.lambda_events: Still creating... [01m00s elapsed]
aws_s3_bucket.lambda_events: Still creating... [01m10s elapsed]
aws_s3_bucket.lambda_events: Still creating... [01m20s elapsed]
aws_s3_bucket.lambda_events: Still creating... [01m30s elapsed]
aws_s3_bucket.lambda_events: Still creating... [01m40s elapsed]
