{"format_version":"1.2","terraform_version":"1.13.5","planned_values":{"outputs":{"private_key":{"sensitive":true}},"root_module":{"resources":[{"address":"aws_instance.chatapp_server","mode":"managed","type":"aws_instance","name":"chatapp_server","provider_name":"registry.terraform.io/hashicorp/aws","schema_version":2,"values":{"ami":"ami-0ad21ae1d0696ad58","associate_public_ip_address":true,"availability_zone":"ap-south-1a","credit_specification":[],"force_destroy":false,"get_password_data":false,"hibernation":null,"instance_type":"t2.micro","key_name":"generated-key-pair","launch_template":[],"region":"ap-south-1","source_dest_check":true,"tags":{"Name":"Server-Web"},"tags_all":{"Name":"Server-Web"},"timeouts":null,"user_data":null,"user_data_replace_on_change":false,"volume_tags":null},"sensitive_values":{"capacity_reservation_specification":[],"cpu_options":[],"credit_specification":[],"ebs_block_device":[],"enclave_options":[],"ephemeral_block_device":[],"instance_market_options":[],"ipv6_addresses":[],"launch_template":[],"maintenance_options":[],"metadata_options":[],"network_interface":[],"primary_network_interface":[],"private_dns_name_options":[],"root_block_device":[],"secondary_private_ips":[],"security_groups":[],"tags":{},"tags_all":{},"vpc_security_group_ids":[]},"identity_schema_version":0,"identity":{"account_id":null,"id":null,"region":null}},{"address":"aws_internet_gateway.igw-chat","mode":"managed","type":"aws_internet_gateway","name":"igw-chat","provider_name":"registry.terraform.io/hashicorp/aws","schema_version":0,"values":{"region":"ap-south-1","tags":{"Name":"intgateway-chatapp"},"tags_all":{"Name":"intgateway-chatapp"},"timeouts":null},"sensitive_values":{"tags":{},"tags_all":{}}},{"address":"aws_key_pair.generated_key_pair","mode":"managed","type":"aws_key_pair","name":"generated_key_pair","provider_name":"registry.terraform.io/hashicorp/aws","schema_version":1,"values":{"key_name":"generated-key-pair","region":"ap-south-1","tags":null},"sensitive_values":{"tags_all":{}}},{"address":"aws_main_route_table_association.mainrt-chatapp","mode":"managed","type":"aws_main_route_table_association","name":"mainrt-chatapp","provider_name":"registry.terraform.io/hashicorp/aws","schema_version":0,"values":{"region":"ap-south-1","timeouts":null},"sensitive_values":{}},{"address":"aws_route_table.route-chatapp","mode":"managed","type":"aws_route_table","name":"route-chatapp","provider_name":"registry.terraform.io/hashicorp/aws","schema_version":0,"values":{"region":"ap-south-1","route":[{"carrier_gateway_id":"","cidr_block":"0.0.0.0/0","core_network_arn":"","destination_prefix_list_id":"","egress_only_gateway_id":"","ipv6_cidr_block":"","local_gateway_id":"","nat_gateway_id":"","network_interface_id":"","transit_gateway_id":"","vpc_endpoint_id":"","vpc_peering_connection_id":""}],"tags":{"Name":"route_table_chatapp"},"tags_all":{"Name":"route_table_chatapp"},"timeouts":null},"sensitive_values":{"propagating_vgws":[],"route":[{}],"tags":{},"tags_all":{}},"identity_schema_version":0,"identity":{"account_id":null,"id":null,"region":null}},{"address":"aws_security_group.allow_ports","mode":"managed","type":"aws_security_group","name":"allow_ports","provider_name":"registry.terraform.io/hashicorp/aws","schema_version":1,"values":{"description":"Managed by Terraform","egress":[{"cidr_blocks":["0.0.0.0/0"],"description":"","from_port":0,"ipv6_cidr_blocks":["::/0"],"prefix_list_ids":[],"protocol":"-1","security_groups":[],"self":false,"to_port":0}],"ingress":[{"cidr_blocks":["0.0.0.0/0"],"description":"Docker Compose Port","from_port":12345,"ipv6_cidr_blocks":[],"prefix_list_ids":[],"protocol":"tcp","security_groups":[],"self":false,"to_port":12345},{"cidr_blocks":["0.0.0.0/0"],"description":"HTTP FROM VPC","from_port":80,"ipv6_cidr_blocks":[],"prefix_list_ids":[],"protocol":"tcp","security_groups":[],"self":false,"to_port":80},{"cidr_blocks":["0.0.0.0/0"],"description":"HTTPS FROM VPC","from_port":443,"ipv6_cidr_blocks":[],"prefix_list_ids":[],"protocol":"tcp","security_groups":[],"self":false,"to_port":443},{"cidr_blocks":["0.0.0.0/0"],"description":"SSH FROM VPC","from_port":22,"ipv6_cidr_blocks":[],"prefix_list_ids":[],"protocol":"tcp","security_groups":[],"self":false,"to_port":22}],"region":"ap-south-1","revoke_rules_on_delete":false,"tags":{"Name":"allow web"},"tags_all":{"Name":"allow web"},"timeouts":null},"sensitive_values":{"egress":[{"cidr_blocks":[false],"ipv6_cidr_blocks":[false],"prefix_list_ids":[],"security_groups":[]}],"ingress":[{"cidr_blocks":[false],"ipv6_cidr_blocks":[],"prefix_list_ids":[],"security_groups":[]},{"cidr_blocks":[false],"ipv6_cidr_blocks":[],"prefix_list_ids":[],"security_groups":[]},{"cidr_blocks":[false],"ipv6_cidr_blocks":[],"prefix_list_ids":[],"security_groups":[]},{"cidr_blocks":[false],"ipv6_cidr_blocks":[],"prefix_list_ids":[],"security_groups":[]}],"tags":{},"tags_all":{}},"identity_schema_version":0,"identity":{"account_id":null,"id":null,"region":null}},{"address":"aws_subnet.subnet-chatapp-1","mode":"managed","type":"aws_subnet","name":"subnet-chatapp-1","provider_name":"registry.terraform.io/hashicorp/aws","schema_version":1,"values":{"assign_ipv6_address_on_creation":false,"availability_zone":"ap-south-1a","cidr_block":"10.0.1.0/24","customer_owned_ipv4_pool":null,"enable_dns64":false,"enable_lni_at_device_index":null,"enable_resource_name_dns_a_record_on_launch":false,"enable_resource_name_dns_aaaa_record_on_launch":false,"ipv6_cidr_block":null,"ipv6_native":false,"map_customer_owned_ip_on_launch":null,"map_public_ip_on_launch":true,"outpost_arn":null,"region":"ap-south-1","tags":{"Name":"subnet-chatapp"},"tags_all":{"Name":"subnet-chatapp"},"timeouts":null},"sensitive_values":{"tags":{},"tags_all":{}},"identity_schema_version":0,"identity":{"account_id":null,"id":null,"region":null}},{"address":"aws_vpc.vpc-chat","mode":"managed","type":"aws_vpc","name":"vpc-chat","provider_name":"registry.terraform.io/hashicorp/aws","schema_version":1,"values":{"assign_generated_ipv6_cidr_block":null,"cidr_block":"10.0.0.0/16","enable_dns_support":true,"instance_tenancy":"default","ipv4_ipam_pool_id":null,"ipv4_netmask_length":null,"ipv6_ipam_pool_id":null,"ipv6_netmask_length":null,"region":"ap-south-1","tags":null},"sensitive_values":{"tags_all":{}},"identity_schema_version":0,"identity":{"account_id":null,"id":null,"region":null}},{"address":"local_file.TF_key","mode":"managed","type":"local_file","name":"TF_key","provider_name":"registry.terraform.io/hashicorp/local","schema_version":0,"values":{"content_base64":null,"directory_permission":"0777","file_permission":"0777","filename":"./generated-key.pem","sensitive_content":null,"source":null},"sensitive_values":{"content":true,"sensitive_content":true}},{"address":"tls_private_key.example","mode":"managed","type":"tls_private_key","name":"example","provider_name":"registry.terraform.io/hashicorp/tls","schema_version":1,"values":{"algorithm":"RSA","ecdsa_curve":"P224","rsa_bits":2048},"sensitive_values":{"private_key_openssh":true,"private_key_pem":true,"private_key_pem_pkcs8":true}}]}},"resource_changes":[{"address":"aws_instance.chatapp_server","mode":"managed","type":"aws_instance","name":"chatapp_server","provider_name":"registry.terraform.io/hashicorp/aws","change":{"actions":["create"],"before":null,"after":{"ami":"ami-0ad21ae1d0696ad58","associate_public_ip_address":true,"availability_zone":"ap-south-1a","credit_specification":[],"force_destroy":false,"get_password_data":false,"hibernation":null,"instance_type":"t2.micro","key_name":"generated-key-pair","launch_template":[],"region":"ap-south-1","source_dest_check":true,"tags":{"Name":"Server-Web"},"tags_all":{"Name":"Server-Web"},"timeouts":null,"user_data":null,"user_data_replace_on_change":false,"volume_tags":null},"after_unknown":{"arn":true,"capacity_reservation_specification":true,"cpu_options":true,"credit_specification":[],"disable_api_stop":true,"disable_api_termination":true,"ebs_block_device":true,"ebs_optimized":true,"enable_primary_ipv6":true,"enclave_options":true,"ephemeral_block_device":true,"host_id":true,"host_resource_group_arn":true,"iam_instance_profile":true,"id":true,"instance_initiated_shutdown_behavior":true,"instance_lifecycle":true,"instance_market_options":true,"instance_state":true,"ipv6_address_count":true,"ipv6_addresses":true,"launch_template":[],"maintenance_options":true,"metadata_options":true,"monitoring":true,"network_interface":true,"outpost_arn":true,"password_data":true,"placement_group":true,"placement_group_id":true,"placement_partition_number":true,"primary_network_interface":true,"primary_network_interface_id":true,"private_dns":true,"private_dns_name_options":true,"private_ip":true,"public_dns":true,"public_ip":true,"root_block_device":true,"secondary_private_ips":true,"security_groups":true,"spot_instance_request_id":true,"subnet_id":true,"tags":{},"tags_all":{},"tenancy":true,"user_data_base64":true,"vpc_security_group_ids":true},"before_sensitive":false,"after_sensitive":{"capacity_reservation_specification":[],"cpu_options":[],"credit_specification":[],"ebs_block_device":[],"enclave_options":[],"ephemeral_block_device":[],"instance_market_options":[],"ipv6_addresses":[],"launch_template":[],"maintenance_options":[],"metadata_options":[],"network_interface":[],"primary_network_interface":[],"private_dns_name_options":[],"root_block_device":[],"secondary_private_ips":[],"security_groups":[],"tags":{},"tags_all":{},"vpc_security_group_ids":[]},"after_identity":{"account_id":null,"id":null,"region":null}}},{"address":"aws_internet_gateway.igw-chat","mode":"managed","type":"aws_internet_gateway","name":"igw-chat","provider_name":"registry.terraform.io/hashicorp/aws","change":{"actions":["create"],"before":null,"after":{"region":"ap-south-1","tags":{"Name":"intgateway-chatapp"},"tags_all":{"Name":"intgateway-chatapp"},"timeouts":null},"after_unknown":{"arn":true,"id":true,"owner_id":true,"tags":{},"tags_all":{},"vpc_id":true},"before_sensitive":false,"after_sensitive":{"tags":{},"tags_all":{}}}},{"address":"aws_key_pair.generated_key_pair","mode":"managed","type":"aws_key_pair","name":"generated_key_pair","provider_name":"registry.terraform.io/hashicorp/aws","change":{"actions":["create"],"before":null,"after":{"key_name":"generated-key-pair","region":"ap-south-1","tags":null},"after_unknown":{"arn":true,"fingerprint":true,"id":true,"key_name_prefix":true,"key_pair_id":true,"key_type":true,"public_key":true,"tags_all":true},"before_sensitive":false,"after_sensitive":{"tags_all":{}}}},{"address":"aws_main_route_table_association.mainrt-chatapp","mode":"managed","type":"aws_main_route_table_association","name":"mainrt-chatapp","provider_name":"registry.terraform.io/hashicorp/aws","change":{"actions":["create"],"before":null,"after":{"region":"ap-south-1","timeouts":null},"after_unknown":{"id":true,"original_route_table_id":true,"route_table_id":true,"vpc_id":true},"before_sensitive":false,"after_sensitive":{}}},{"address":"aws_route_table.route-chatapp","mode":"managed","type":"aws_route_table","name":"route-chatapp","provider_name":"registry.terraform.io/hashicorp/aws","change":{"actions":["create"],"before":null,"after":{"region":"ap-south-1","route":[{"carrier_gateway_id":"","cidr_block":"0.0.0.0/0","core_network_arn":"","destination_prefix_list_id":"","egress_only_gateway_id":"","ipv6_cidr_block":"","local_gateway_id":"","nat_gateway_id":"","network_interface_id":"","transit_gateway_id":"","vpc_endpoint_id":"","vpc_peering_connection_id":""}],"tags":{"Name":"route_table_chatapp"},"tags_all":{"Name":"route_table_chatapp"},"timeouts":null},"after_unknown":{"arn":true,"id":true,"owner_id":true,"propagating_vgws":true,"route":[{"gateway_id":true}],"tags":{},"tags_all":{},"vpc_id":true},"before_sensitive":false,"after_sensitive":{"propagating_vgws":[],"route":[{}],"tags":{},"tags_all":{}},"after_identity":{"account_id":null,"id":null,"region":null}}},{"address":"aws_security_group.allow_ports","mode":"managed","type":"aws_security_group","name":"allow_ports","provider_name":"registry.terraform.io/hashicorp/aws","change":{"actions":["create"],"before":null,"after":{"description":"Managed by Terraform","egress":[{"cidr_blocks":["0.0.0.0/0"],"description":"","from_port":0,"ipv6_cidr_blocks":["::/0"],"prefix_list_ids":[],"protocol":"-1","security_groups":[],"self":false,"to_port":0}],"ingress":[{"cidr_blocks":["0.0.0.0/0"],"description":"Docker Compose Port","from_port":12345,"ipv6_cidr_blocks":[],"prefix_list_ids":[],"protocol":"tcp","security_groups":[],"self":false,"to_port":12345},{"cidr_blocks":["0.0.0.0/0"],"description":"HTTP FROM VPC","from_port":80,"ipv6_cidr_blocks":[],"prefix_list_ids":[],"protocol":"tcp","security_groups":[],"self":false,"to_port":80},{"cidr_blocks":["0.0.0.0/0"],"description":"HTTPS FROM VPC","from_port":443,"ipv6_cidr_blocks":[],"prefix_list_ids":[],"protocol":"tcp","security_groups":[],"self":false,"to_port":443},{"cidr_blocks":["0.0.0.0/0"],"description":"SSH FROM VPC","from_port":22,"ipv6_cidr_blocks":[],"prefix_list_ids":[],"protocol":"tcp","security_groups":[],"self":false,"to_port":22}],"region":"ap-south-1","revoke_rules_on_delete":false,"tags":{"Name":"allow web"},"tags_all":{"Name":"allow web"},"timeouts":null},"after_unknown":{"arn":true,"egress":[{"cidr_blocks":[false],"ipv6_cidr_blocks":[false],"prefix_list_ids":[],"security_groups":[]}],"id":true,"ingress":[{"cidr_blocks":[false],"ipv6_cidr_blocks":[],"prefix_list_ids":[],"security_groups":[]},{"cidr_blocks":[false],"ipv6_cidr_blocks":[],"prefix_list_ids":[],"security_groups":[]},{"cidr_blocks":[false],"ipv6_cidr_blocks":[],"prefix_list_ids":[],"security_groups":[]},{"cidr_blocks":[false],"ipv6_cidr_blocks":[],"prefix_list_ids":[],"security_groups":[]}],"name":true,"name_prefix":true,"owner_id":true,"tags":{},"tags_all":{},"vpc_id":true},"before_sensitive":false,"after_sensitive":{"egress":[{"cidr_blocks":[false],"ipv6_cidr_blocks":[false],"prefix_list_ids":[],"security_groups":[]}],"ingress":[{"cidr_blocks":[false],"ipv6_cidr_blocks":[],"prefix_list_ids":[],"security_groups":[]},{"cidr_blocks":[false],"ipv6_cidr_blocks":[],"prefix_list_ids":[],"security_groups":[]},{"cidr_blocks":[false],"ipv6_cidr_blocks":[],"prefix_list_ids":[],"security_groups":[]},{"cidr_blocks":[false],"ipv6_cidr_blocks":[],"prefix_list_ids":[],"security_groups":[]}],"tags":{},"tags_all":{}},"after_identity":{"account_id":null,"id":null,"region":null}}},{"address":"aws_subnet.subnet-chatapp-1","mode":"managed","type":"aws_subnet","name":"subnet-chatapp-1","provider_name":"registry.terraform.io/hashicorp/aws","change":{"actions":["create"],"before":null,"after":{"assign_ipv6_address_on_creation":false,"availability_zone":"ap-south-1a","cidr_block":"10.0.1.0/24","customer_owned_ipv4_pool":null,"enable_dns64":false,"enable_lni_at_device_index":null,"enable_resource_name_dns_a_record_on_launch":false,"enable_resource_name_dns_aaaa_record_on_launch":false,"ipv6_cidr_block":null,"ipv6_native":false,"map_customer_owned_ip_on_launch":null,"map_public_ip_on_launch":true,"outpost_arn":null,"region":"ap-south-1","tags":{"Name":"subnet-chatapp"},"tags_all":{"Name":"subnet-chatapp"},"timeouts":null},"after_unknown":{"arn":true,"availability_zone_id":true,"id":true,"ipv6_cidr_block_association_id":true,"owner_id":true,"private_dns_hostname_type_on_launch":true,"tags":{},"tags_all":{},"vpc_id":true},"before_sensitive":false,"after_sensitive":{"tags":{},"tags_all":{}},"after_identity":{"account_id":null,"id":null,"region":null}}},{"address":"aws_vpc.vpc-chat","mode":"managed","type":"aws_vpc","name":"vpc-chat","provider_name":"registry.terraform.io/hashicorp/aws","change":{"actions":["create"],"before":null,"after":{"assign_generated_ipv6_cidr_block":null,"cidr_block":"10.0.0.0/16","enable_dns_support":true,"instance_tenancy":"default","ipv4_ipam_pool_id":null,"ipv4_netmask_length":null,"ipv6_ipam_pool_id":null,"ipv6_netmask_length":null,"region":"ap-south-1","tags":null},"after_unknown":{"arn":true,"default_network_acl_id":true,"default_route_table_id":true,"default_security_group_id":true,"dhcp_options_id":true,"enable_dns_hostnames":true,"enable_network_address_usage_metrics":true,"id":true,"ipv6_association_id":true,"ipv6_cidr_block":true,"ipv6_cidr_block_network_border_group":true,"main_route_table_id":true,"owner_id":true,"tags_all":true},"before_sensitive":false,"after_sensitive":{"tags_all":{}},"after_identity":{"account_id":null,"id":null,"region":null}}},{"address":"local_file.TF_key","mode":"managed","type":"local_file","name":"TF_key","provider_name":"registry.terraform.io/hashicorp/local","change":{"actions":["create"],"before":null,"after":{"content_base64":null,"directory_permission":"0777","file_permission":"0777","filename":"./generated-key.pem","sensitive_content":null,"source":null},"after_unknown":{"content":true,"content_base64sha256":true,"content_base64sha512":true,"content_md5":true,"content_sha1":true,"content_sha256":true,"content_sha512":true,"id":true},"before_sensitive":false,"after_sensitive":{"content":true,"sensitive_content":true}}},{"address":"tls_private_key.example","mode":"managed","type":"tls_private_key","name":"example","provider_name":"registry.terraform.io/hashicorp/tls","change":{"actions":["create"],"before":null,"after":{"algorithm":"RSA","ecdsa_curve":"P224","rsa_bits":2048},"after_unknown":{"id":true,"private_key_openssh":true,"private_key_pem":true,"private_key_pem_pkcs8":true,"public_key_fingerprint_md5":true,"public_key_fingerprint_sha256":true,"public_key_openssh":true,"public_key_pem":true},"before_sensitive":false,"after_sensitive":{"private_key_openssh":true,"private_key_pem":true,"private_key_pem_pkcs8":true}}}],"output_changes":{"private_key":{"actions":["create"],"before":null,"after_unknown":true,"before_sensitive":true,"after_sensitive":true}},"configuration":{"provider_config":{"archive":{"name":"archive","full_name":"registry.terraform.io/hashicorp/archive","version_constraint":"\u003e= 2.0.0"},"aws":{"name":"aws","full_name":"registry.terraform.io/hashicorp/aws","version_constraint":"~\u003e 6.27.0","expressions":{"region":{"constant_value":"ap-south-1"}}},"local":{"name":"local","full_name":"registry.terraform.io/hashicorp/local"},"tls":{"name":"tls","full_name":"registry.terraform.io/hashicorp/tls"}},"root_module":{"outputs":{"private_key":{"sensitive":true,"expression":{"references":["tls_private_key.example.private_key_pem","tls_private_key.example"]}}},"resources":[{"address":"aws_instance.chatapp_server","mode":"managed","type":"aws_instance","name":"chatapp_server","provider_config_key":"aws","expressions":{"ami":{"constant_value":"ami-0ad21ae1d0696ad58"},"associate_public_ip_address":{"constant_value":true},"availability_zone":{"constant_value":"ap-south-1a"},"instance_type":{"constant_value":"t2.micro"},"key_name":{"references":["aws_key_pair.generated_key_pair.key_name","aws_key_pair.generated_key_pair"]},"security_groups":{"references":["aws_security_group.allow_ports.id","aws_security_group.allow_ports"]},"subnet_id":{"references":["aws_subnet.subnet-chatapp-1.id","aws_subnet.subnet-chatapp-1"]},"tags":{"constant_value":{"Name":"Server-Web"}}},"schema_version":2},{"address":"aws_internet_gateway.igw-chat","mode":"managed","type":"aws_internet_gateway","name":"igw-chat","provider_config_key":"aws","expressions":{"tags":{"constant_value":{"Name":"intgateway-chatapp"}},"vpc_id":{"references":["aws_vpc.vpc-chat.id","aws_vpc.vpc-chat"]}},"schema_version":0},{"address":"aws_key_pair.generated_key_pair","mode":"managed","type":"aws_key_pair","name":"generated_key_pair","provider_config_key":"aws","expressions":{"key_name":{"constant_value":"generated-key-pair"},"public_key":{"references":["tls_private_key.example.public_key_openssh","tls_private_key.example"]}},"schema_version":1},{"address":"aws_main_route_table_association.mainrt-chatapp","mode":"managed","type":"aws_main_route_table_association","name":"mainrt-chatapp","provider_config_key":"aws","expressions":{"route_table_id":{"references":["aws_route_table.route-chatapp.id","aws_route_table.route-chatapp"]},"vpc_id":{"references":["aws_vpc.vpc-chat.id","aws_vpc.vpc-chat"]}},"schema_version":0},{"address":"aws_route_table.route-chatapp","mode":"managed","type":"aws_route_table","name":"route-chatapp","provider_config_key":"aws","expressions":{"route":{"references":["aws_internet_gateway.igw-chat.id","aws_internet_gateway.igw-chat"]},"tags":{"constant_value":{"Name":"route_table_chatapp"}},"vpc_id":{"references":["aws_vpc.vpc-chat.id","aws_vpc.vpc-chat"]}},"schema_version":0},{"address":"aws_security_group.allow_ports","mode":"managed","type":"aws_security_group","name":"allow_ports","provider_config_key":"aws","expressions":{"egress":{"constant_value":[{"cidr_blocks":["0.0.0.0/0"],"description":null,"from_port":0,"ipv6_cidr_blocks":["::/0"],"prefix_list_ids":null,"protocol":"-1","security_groups":null,"self":null,"to_port":0}]},"ingress":{"constant_value":[{"cidr_blocks":["0.0.0.0/0"],"description":"HTTPS FROM VPC","from_port":443,"ipv6_cidr_blocks":null,"prefix_list_ids":null,"protocol":"tcp","security_groups":null,"self":null,"to_port":443},{"cidr_blocks":["0.0.0.0/0"],"description":"HTTP FROM VPC","from_port":80,"ipv6_cidr_blocks":null,"prefix_list_ids":null,"protocol":"tcp","security_groups":null,"self":null,"to_port":80},{"cidr_blocks":["0.0.0.0/0"],"description":"SSH FROM VPC","from_port":22,"ipv6_cidr_blocks":null,"prefix_list_ids":null,"protocol":"tcp","security_groups":null,"self":null,"to_port":22},{"cidr_blocks":["0.0.0.0/0"],"description":"Docker Compose Port","from_port":12345,"ipv6_cidr_blocks":null,"prefix_list_ids":null,"protocol":"tcp","security_groups":null,"self":null,"to_port":12345}]},"tags":{"constant_value":{"Name":"allow web"}},"vpc_id":{"references":["aws_vpc.vpc-chat.id","aws_vpc.vpc-chat"]}},"schema_version":1},{"address":"aws_subnet.subnet-chatapp-1","mode":"managed","type":"aws_subnet","name":"subnet-chatapp-1","provider_config_key":"aws","expressions":{"availability_zone":{"constant_value":"ap-south-1a"},"cidr_block":{"constant_value":"10.0.1.0/24"},"map_public_ip_on_launch":{"constant_value":true},"tags":{"constant_value":{"Name":"subnet-chatapp"}},"vpc_id":{"references":["aws_vpc.vpc-chat.id","aws_vpc.vpc-chat"]}},"schema_version":1},{"address":"aws_vpc.vpc-chat","mode":"managed","type":"aws_vpc","name":"vpc-chat","provider_config_key":"aws","expressions":{"cidr_block":{"constant_value":"10.0.0.0/16"}},"schema_version":1},{"address":"local_file.TF_key","mode":"managed","type":"local_file","name":"TF_key","provider_config_key":"local","expressions":{"content":{"references":["tls_private_key.example.private_key_pem","tls_private_key.example"]},"filename":{"references":["path.module"]}},"schema_version":0},{"address":"tls_private_key.example","mode":"managed","type":"tls_private_key","name":"example","provider_config_key":"tls","expressions":{"algorithm":{"constant_value":"RSA"},"rsa_bits":{"constant_value":2048}},"schema_version":1}]}},"relevant_attributes":[{"resource":"tls_private_key.example","attribute":["private_key_pem"]},{"resource":"aws_internet_gateway.igw-chat","attribute":["id"]},{"resource":"tls_private_key.example","attribute":["public_key_openssh"]},{"resource":"aws_key_pair.generated_key_pair","attribute":["key_name"]},{"resource":"aws_subnet.subnet-chatapp-1","attribute":["id"]},{"resource":"aws_route_table.route-chatapp","attribute":["id"]},{"resource":"aws_vpc.vpc-chat","attribute":["id"]},{"resource":"aws_security_group.allow_ports","attribute":["id"]}],"timestamp":"2025-12-22T21:04:53Z","applyable":true,"complete":true,"errored":false}
