data.archive_file.lambda_dummy: Reading...
data.archive_file.lambda_dummy: Read complete after 0s [id=58e93fade67637870be5af38eff8d5aa66c7da49]

Terraform used the selected providers to generate the following execution
plan. Resource actions are indicated with the following symbols:
  + create

Terraform will perform the following actions:

  # aws_apigatewayv2_api.lambda_api will be created
  + resource "aws_apigatewayv2_api" "lambda_api" {
      + api_endpoint                 = (known after apply)
      + api_key_selection_expression = "$request.header.x-api-key"
      + arn                          = (known after apply)
      + execution_arn                = (known after apply)
      + id                           = (known after apply)
      + ip_address_type              = (known after apply)
      + name                         = "venmo-api-lambda-api"
      + protocol_type                = "HTTP"
      + region                       = "us-east-1"
      + route_selection_expression   = "$request.method $request.path"
      + tags_all                     = (known after apply)
    }

  # aws_apigatewayv2_integration.lambda_integration will be created
  + resource "aws_apigatewayv2_integration" "lambda_integration" {
      + api_id                                    = (known after apply)
      + connection_type                           = "INTERNET"
      + id                                        = (known after apply)
      + integration_method                        = "POST"
      + integration_response_selection_expression = (known after apply)
      + integration_type                          = "AWS_PROXY"
      + integration_uri                           = (known after apply)
      + payload_format_version                    = "2.0"
      + region                                    = "us-east-1"
      + timeout_milliseconds                      = (known after apply)
    }

  # aws_apigatewayv2_route.lambda_route will be created
  + resource "aws_apigatewayv2_route" "lambda_route" {
      + api_id             = (known after apply)
      + api_key_required   = false
      + authorization_type = "NONE"
      + id                 = (known after apply)
      + region             = "us-east-1"
      + route_key          = "ANY /{proxy+}"
      + target             = (known after apply)
    }

  # aws_apigatewayv2_stage.lambda_stage will be created
  + resource "aws_apigatewayv2_stage" "lambda_stage" {
      + api_id        = (known after apply)
      + arn           = (known after apply)
      + auto_deploy   = true
      + deployment_id = (known after apply)
      + execution_arn = (known after apply)
      + id            = (known after apply)
      + invoke_url    = (known after apply)
      + name          = "$default"
      + region        = "us-east-1"
      + tags_all      = (known after apply)
    }

  # aws_cloudwatch_log_group.lambda_log will be created
  + resource "aws_cloudwatch_log_group" "lambda_log" {
      + arn                         = (known after apply)
      + deletion_protection_enabled = (known after apply)
      + id                          = (known after apply)
      + log_group_class             = (known after apply)
      + name                        = "/aws/lambda/venmo-api-lambda"
      + name_prefix                 = (known after apply)
      + region                      = "us-east-1"
      + retention_in_days           = 14
      + skip_destroy                = false
      + tags_all                    = (known after apply)
    }

  # aws_iam_role.lambda_exec will be created
  + resource "aws_iam_role" "lambda_exec" {
      + arn                   = (known after apply)
      + assume_role_policy    = jsonencode(
            {
              + Statement = [
                  + {
                      + Action    = "sts:AssumeRole"
                      + Effect    = "Allow"
                      + Principal = {
                          + Service = "lambda.amazonaws.com"
                        }
                    },
                ]
              + Version   = "2012-10-17"
            }
        )
      + create_date           = (known after apply)
      + force_detach_policies = false
      + id                    = (known after apply)
      + managed_policy_arns   = (known after apply)
      + max_session_duration  = 3600
      + name                  = "venmo-api-lambda-exec-role"
      + name_prefix           = (known after apply)
      + path                  = "/"
      + tags_all              = (known after apply)
      + unique_id             = (known after apply)

      + inline_policy (known after apply)
    }

  # aws_iam_role_policy_attachment.lambda_basic_execution will be created
  + resource "aws_iam_role_policy_attachment" "lambda_basic_execution" {
      + id         = (known after apply)
      + policy_arn = "arn:aws:iam::aws:policy/service-role/AWSLambdaBasicExecutionRole"
      + role       = "venmo-api-lambda-exec-role"
    }

  # aws_lambda_function.venmo_api will be created
  + resource "aws_lambda_function" "venmo_api" {
      + architectures                  = (known after apply)
      + arn                            = (known after apply)
      + code_sha256                    = (known after apply)
      + filename                       = "./.dummy/lambda.zip"
      + function_name                  = "venmo-api-lambda"
      + handler                        = "handler.lambda_handler"
      + id                             = (known after apply)
      + invoke_arn                     = (known after apply)
      + last_modified                  = (known after apply)
      + memory_size                    = 128
      + package_type                   = "Zip"
      + publish                        = false
      + qualified_arn                  = (known after apply)
      + qualified_invoke_arn           = (known after apply)
      + region                         = "us-east-1"
      + reserved_concurrent_executions = -1
      + response_streaming_invoke_arn  = (known after apply)
      + role                           = (known after apply)
      + runtime                        = "python3.11"
      + signing_job_arn                = (known after apply)
      + signing_profile_version_arn    = (known after apply)
      + skip_destroy                   = false
      + source_code_hash               = "wmbalFzzY/wG3ivChKElOZB3+B4gptmQyIat05p+fU4="
      + source_code_size               = (known after apply)
      + tags_all                       = (known after apply)
      + timeout                        = 10
      + version                        = (known after apply)

      + ephemeral_storage (known after apply)

      + logging_config (known after apply)

      + tracing_config (known after apply)
    }

  # aws_lambda_permission.apigw_invoke will be created
  + resource "aws_lambda_permission" "apigw_invoke" {
      + action              = "lambda:InvokeFunction"
      + function_name       = "venmo-api-lambda"
      + id                  = (known after apply)
      + principal           = "apigateway.amazonaws.com"
      + region              = "us-east-1"
      + source_arn          = (known after apply)
      + statement_id        = "AllowAPIGatewayInvoke"
      + statement_id_prefix = (known after apply)
    }

Plan: 9 to add, 0 to change, 0 to destroy.

Changes to Outputs:
  + api_endpoint         = (known after apply)
  + lambda_function_arn  = (known after apply)
  + lambda_function_name = "venmo-api-lambda"
