data.archive_file.lambda_dummy: Reading...
data.archive_file.lambda_dummy: Read complete after 0s [id=58e93fade67637870be5af38eff8d5aa66c7da49]
data.aws_region.current: Reading...
data.aws_iam_policy_document.lambda_assume: Reading...
data.aws_caller_identity.current: Reading...
data.aws_region.current: Read complete after 0s [id=us-east-1]
data.aws_iam_policy_document.lambda_assume: Read complete after 0s [id=2690255455]
data.aws_caller_identity.current: Read complete after 0s [id=000000000000]

Terraform used the selected providers to generate the following execution
plan. Resource actions are indicated with the following symbols:
  + create
 <= read (data resources)

Terraform will perform the following actions:

  # data.archive_file.lambda_zip will be read during apply
  # (depends on a resource or a module with changes pending)
 <= data "archive_file" "lambda_zip" {
      + id                  = (known after apply)
      + output_base64sha256 = (known after apply)
      + output_base64sha512 = (known after apply)
      + output_md5          = (known after apply)
      + output_path         = "./lambda.zip"
      + output_sha          = (known after apply)
      + output_sha256       = (known after apply)
      + output_sha512       = (known after apply)
      + output_size         = (known after apply)
      + source_dir          = "./lambda"
      + type                = "zip"
    }

  # data.aws_iam_policy_document.lambda_policy will be read during apply
  # (config refers to values not yet known)
 <= data "aws_iam_policy_document" "lambda_policy" {
      + id            = (known after apply)
      + json          = (known after apply)
      + minified_json = (known after apply)

      + statement {
          + actions   = [
              + "logs:CreateLogGroup",
              + "logs:CreateLogStream",
              + "logs:PutLogEvents",
            ]
          + resources = [
              + "*",
            ]
          + sid       = "AllowLogs"
        }
      + statement {
          + actions   = [
              + "s3:GetObject",
              + "s3:ListBucket",
            ]
          + resources = [
              + (known after apply),
              + (known after apply),
            ]
          + sid       = "AllowReadInputBucket"
        }
      + statement {
          + actions   = [
              + "dynamodb:DeleteItem",
              + "dynamodb:GetItem",
              + "dynamodb:PutItem",
              + "dynamodb:Query",
              + "dynamodb:Scan",
              + "dynamodb:UpdateItem",
            ]
          + resources = [
              + (known after apply),
            ]
          + sid       = "AllowDynamoDB"
        }
      + statement {
          + actions   = [
              + "mwaa:CreateCliToken",
            ]
          + resources = [
              + "*",
            ]
          + sid       = "AllowMwaaCliToken"
        }
    }

  # aws_dynamodb_table.events will be created
  + resource "aws_dynamodb_table" "events" {
      + arn              = (known after apply)
      + billing_mode     = "PAY_PER_REQUEST"
      + hash_key         = "pk"
      + id               = (known after apply)
      + name             = "trigger-mwaa-dag-events"
      + read_capacity    = (known after apply)
      + region           = "us-east-1"
      + stream_arn       = (known after apply)
      + stream_label     = (known after apply)
      + stream_view_type = (known after apply)
      + tags_all         = {
          + "Managed" = "terraform"
          + "Project" = "trigger-mwaa-dag"
        }
      + write_capacity   = (known after apply)

      + attribute {
          + name = "pk"
          + type = "S"
        }

      + global_secondary_index (known after apply)

      + global_table_witness (known after apply)

      + point_in_time_recovery (known after apply)

      + server_side_encryption (known after apply)

      + ttl (known after apply)

      + warm_throughput (known after apply)
    }

  # aws_iam_role.lambda will be created
  + resource "aws_iam_role" "lambda" {
      + arn                   = (known after apply)
      + assume_role_policy    = jsonencode(
            {
              + Statement = [
                  + {
                      + Action    = "sts:AssumeRole"
                      + Effect    = "Allow"
                      + Principal = {
                          + Service = "lambda.amazonaws.com"
                        }
                    },
                ]
              + Version   = "2012-10-17"
            }
        )
      + create_date           = (known after apply)
      + force_detach_policies = false
      + id                    = (known after apply)
      + managed_policy_arns   = (known after apply)
      + max_session_duration  = 3600
      + name                  = (known after apply)
      + name_prefix           = "trigger-mwaa-dag-lambda-"
      + path                  = "/"
      + tags_all              = {
          + "Managed" = "terraform"
          + "Project" = "trigger-mwaa-dag"
        }
      + unique_id             = (known after apply)

      + inline_policy (known after apply)
    }

  # aws_iam_role_policy.lambda_inline will be created
  + resource "aws_iam_role_policy" "lambda_inline" {
      + id          = (known after apply)
      + name        = "trigger-mwaa-dag-lambda"
      + name_prefix = (known after apply)
      + policy      = (known after apply)
      + role        = (known after apply)
    }

  # aws_lambda_function.trigger will be created
  + resource "aws_lambda_function" "trigger" {
      + architectures                  = (known after apply)
      + arn                            = (known after apply)
      + code_sha256                    = (known after apply)
      + filename                       = "./lambda.zip"
      + function_name                  = "trigger-mwaa-dag-trigger"
      + handler                        = "index.lambda_handler"
      + id                             = (known after apply)
      + invoke_arn                     = (known after apply)
      + last_modified                  = (known after apply)
      + memory_size                    = 128
      + package_type                   = "Zip"
      + publish                        = false
      + qualified_arn                  = (known after apply)
      + qualified_invoke_arn           = (known after apply)
      + region                         = "us-east-1"
      + reserved_concurrent_executions = -1
      + response_streaming_invoke_arn  = (known after apply)
      + role                           = (known after apply)
      + runtime                        = "python3.11"
      + signing_job_arn                = (known after apply)
      + signing_profile_version_arn    = (known after apply)
      + skip_destroy                   = false
      + source_code_hash               = (known after apply)
      + source_code_size               = (known after apply)
      + tags_all                       = {
          + "Managed" = "terraform"
          + "Project" = "trigger-mwaa-dag"
        }
      + timeout                        = 30
      + version                        = (known after apply)

      + environment {
          + variables = (known after apply)
        }

      + ephemeral_storage (known after apply)

      + logging_config (known after apply)

      + tracing_config (known after apply)
    }

  # aws_lambda_permission.allow_s3 will be created
  + resource "aws_lambda_permission" "allow_s3" {
      + action              = "lambda:InvokeFunction"
      + function_name       = "trigger-mwaa-dag-trigger"
      + id                  = (known after apply)
      + principal           = "s3.amazonaws.com"
      + region              = "us-east-1"
      + source_arn          = (known after apply)
      + statement_id        = "AllowExecutionFromS3"
      + statement_id_prefix = (known after apply)
    }

  # aws_s3_bucket.input will be created
  + resource "aws_s3_bucket" "input" {
      + acceleration_status         = (known after apply)
      + acl                         = (known after apply)
      + arn                         = (known after apply)
      + bucket                      = (known after apply)
      + bucket_domain_name          = (known after apply)
      + bucket_prefix               = "trigger-mwaa-dag-input-"
      + bucket_region               = (known after apply)
      + bucket_regional_domain_name = (known after apply)
      + force_destroy               = true
      + hosted_zone_id              = (known after apply)
      + id                          = (known after apply)
      + object_lock_enabled         = (known after apply)
      + policy                      = (known after apply)
      + region                      = "us-east-1"
      + request_payer               = (known after apply)
      + tags_all                    = {
          + "Managed" = "terraform"
          + "Project" = "trigger-mwaa-dag"
        }
      + website_domain              = (known after apply)
      + website_endpoint            = (known after apply)

      + cors_rule (known after apply)

      + grant (known after apply)

      + lifecycle_rule (known after apply)

      + logging (known after apply)

      + object_lock_configuration (known after apply)

      + replication_configuration (known after apply)

      + server_side_encryption_configuration (known after apply)

      + versioning (known after apply)

      + website (known after apply)
    }

  # aws_s3_bucket_notification.input will be created
  + resource "aws_s3_bucket_notification" "input" {
      + bucket      = (known after apply)
      + eventbridge = false
      + id          = (known after apply)
      + region      = "us-east-1"

      + lambda_function {
          + events              = [
              + "s3:ObjectCreated:*",
            ]
          + filter_suffix       = ".json"
          + id                  = (known after apply)
          + lambda_function_arn = (known after apply)
        }
    }

  # aws_s3_bucket_public_access_block.input will be created
  + resource "aws_s3_bucket_public_access_block" "input" {
      + block_public_acls       = true
      + block_public_policy     = true
      + bucket                  = (known after apply)
      + id                      = (known after apply)
      + ignore_public_acls      = true
      + region                  = "us-east-1"
      + restrict_public_buckets = true
    }

  # local_file.lambda_placeholder will be created
  + resource "local_file" "lambda_placeholder" {
      + content              = <<-EOT
            import json
            
            def lambda_handler(event, context):
                return {"statusCode": 200, "body": json.dumps({"ok": True, "event": event})}
        EOT
      + content_base64sha256 = (known after apply)
      + content_base64sha512 = (known after apply)
      + content_md5          = (known after apply)
      + content_sha1         = (known after apply)
      + content_sha256       = (known after apply)
      + content_sha512       = (known after apply)
      + directory_permission = "0777"
      + file_permission      = "0777"
      + filename             = "./lambda/index.py"
      + id                   = (known after apply)
    }

Plan: 9 to add, 0 to change, 0 to destroy.

Changes to Outputs:
  + dynamodb_table_name  = "trigger-mwaa-dag-events"
  + input_bucket_id      = (known after apply)
  + lambda_function_name = "trigger-mwaa-dag-trigger"
local_file.lambda_placeholder: Creating...
local_file.lambda_placeholder: Creation complete after 0s [id=0a8f184237fde9afa09cfafb4fc9e44d41a7a399]
data.archive_file.lambda_zip: Reading...
data.archive_file.lambda_zip: Read complete after 0s [id=da02d780f9d42c8410332010ad66f3201695b05f]
aws_iam_role.lambda: Creating...
aws_s3_bucket.input: Creating...
aws_dynamodb_table.events: Creating...
aws_iam_role.lambda: Creation complete after 0s [id=trigger-mwaa-dag-lambda-20260125194925648900000001]
aws_dynamodb_table.events: Creation complete after 1s [id=trigger-mwaa-dag-events]
aws_s3_bucket.input: Still creating... [00m10s elapsed]
aws_s3_bucket.input: Still creating... [00m20s elapsed]
aws_s3_bucket.input: Still creating... [00m30s elapsed]
aws_s3_bucket.input: Still creating... [00m40s elapsed]
aws_s3_bucket.input: Still creating... [00m50s elapsed]
aws_s3_bucket.input: Still creating... [01m00s elapsed]
aws_s3_bucket.input: Still creating... [01m10s elapsed]
aws_s3_bucket.input: Still creating... [01m20s elapsed]
aws_s3_bucket.input: Still creating... [01m30s elapsed]
aws_s3_bucket.input: Still creating... [01m40s elapsed]
aws_s3_bucket.input: Still creating... [01m50s elapsed]
aws_s3_bucket.input: Still creating... [02m00s elapsed]
aws_s3_bucket.input: Still creating... [02m10s elapsed]
aws_s3_bucket.input: Still creating... [02m20s elapsed]
aws_s3_bucket.input: Still creating... [02m30s elapsed]
aws_s3_bucket.input: Still creating... [02m40s elapsed]
aws_s3_bucket.input: Still creating... [02m50s elapsed]
