data.archive_file.lambda_dummy: Reading...
data.archive_file.lambda_dummy: Read complete after 0s [id=58e93fade67637870be5af38eff8d5aa66c7da49]
data.aws_region.current: Reading...
data.aws_caller_identity.current: Reading...
data.aws_region.current: Read complete after 0s [id=eu-central-1]
data.aws_caller_identity.current: Read complete after 0s [id=000000000000]

Terraform used the selected providers to generate the following execution
plan. Resource actions are indicated with the following symbols:
  + create

Terraform planned the following actions, but then encountered a problem:

  # aws_cloudwatch_event_rule.daily will be created
  + resource "aws_cloudwatch_event_rule" "daily" {
      + arn                 = (known after apply)
      + description         = "Daily trigger for reminder-bot"
      + event_bus_name      = "default"
      + force_destroy       = false
      + id                  = (known after apply)
      + name                = "reminder-bot-daily"
      + name_prefix         = (known after apply)
      + schedule_expression = "cron(0 9 * * ? *)"
      + tags_all            = {
          + "Application" = "reminder-bot"
          + "ManagedBy"   = "terraform"
        }
    }

  # aws_iam_role.lambda_role will be created
  + resource "aws_iam_role" "lambda_role" {
      + arn                   = (known after apply)
      + assume_role_policy    = jsonencode(
            {
              + Statement = [
                  + {
                      + Action    = "sts:AssumeRole"
                      + Effect    = "Allow"
                      + Principal = {
                          + Service = "lambda.amazonaws.com"
                        }
                    },
                ]
              + Version   = "2012-10-17"
            }
        )
      + create_date           = (known after apply)
      + force_detach_policies = false
      + id                    = (known after apply)
      + managed_policy_arns   = (known after apply)
      + max_session_duration  = 3600
      + name                  = "reminder-bot-lambda-role"
      + name_prefix           = (known after apply)
      + path                  = "/"
      + tags_all              = {
          + "Application" = "reminder-bot"
          + "ManagedBy"   = "terraform"
        }
      + unique_id             = (known after apply)

      + inline_policy (known after apply)
    }

  # aws_iam_role_policy_attachment.lambda_basic_execution will be created
  + resource "aws_iam_role_policy_attachment" "lambda_basic_execution" {
      + id         = (known after apply)
      + policy_arn = "arn:aws:iam::aws:policy/service-role/AWSLambdaBasicExecutionRole"
      + role       = "reminder-bot-lambda-role"
    }

Plan: 3 to add, 0 to change, 0 to destroy.

Changes to Outputs:
  + aws_account_id  = "000000000000"
  + aws_region      = "eu-central-1"
  + event_rule_name = "reminder-bot-daily"
