{
  "version": 4,
  "terraform_version": "1.13.5",
  "serial": 1,
  "lineage": "88aec9d7-aa27-ac18-2c0d-3c613949259d",
  "outputs": {
    "aws_region": {
      "value": "us-east-1",
      "type": "string"
    }
  },
  "resources": [
    {
      "mode": "managed",
      "type": "random_id",
      "name": "suffix",
      "provider": "provider[\"registry.terraform.io/hashicorp/random\"]",
      "instances": [
        {
          "schema_version": 0,
          "attributes": {
            "b64_std": "afy76g==",
            "b64_url": "afy76g",
            "byte_length": 4,
            "dec": "1778170858",
            "hex": "69fcbbea",
            "id": "afy76g",
            "keepers": null,
            "prefix": null
          },
          "sensitive_attributes": [],
          "identity_schema_version": 0
        }
      ]
    }
  ],
  "check_results": null
}
