{
  "version": 4,
  "terraform_version": "1.13.5",
  "serial": 1,
  "lineage": "81c69f06-a277-230c-3daa-9d903d3f3ef6",
  "outputs": {},
  "resources": [
    {
      "mode": "managed",
      "type": "random_id",
      "name": "suffix",
      "provider": "provider[\"registry.terraform.io/hashicorp/random\"]",
      "instances": [
        {
          "schema_version": 0,
          "attributes": {
            "b64_std": "TJavyA==",
            "b64_url": "TJavyA",
            "byte_length": 4,
            "dec": "1284943816",
            "hex": "4c96afc8",
            "id": "TJavyA",
            "keepers": null,
            "prefix": null
          },
          "sensitive_attributes": [],
          "identity_schema_version": 0
        }
      ]
    }
  ],
  "check_results": null
}
