{"format_version":"1.2","terraform_version":"1.13.5","variables":{"bucket_name":{"value":"terraform"},"domain_name":{"value":"terraform"}},"planned_values":{"root_module":{"resources":[{"address":"aws_acm_certificate.cert","mode":"managed","type":"aws_acm_certificate","name":"cert","provider_name":"registry.terraform.io/hashicorp/aws","schema_version":0,"values":{"certificate_authority_arn":null,"certificate_body":null,"certificate_chain":null,"domain_name":"terraform","domain_validation_options":[{"domain_name":"terraform"},{"domain_name":"www.terraform"}],"early_renewal_duration":null,"private_key":null,"region":"us-east-1","subject_alternative_names":["terraform","www.terraform"],"tags":null,"validation_method":"DNS","validation_option":[]},"sensitive_values":{"domain_validation_options":[{},{}],"options":[],"private_key":true,"renewal_summary":[],"subject_alternative_names":[false,false],"tags_all":{},"validation_emails":[],"validation_option":[]},"identity_schema_version":0,"identity":{"arn":null}},{"address":"aws_acm_certificate_validation.main","mode":"managed","type":"aws_acm_certificate_validation","name":"main","provider_name":"registry.terraform.io/hashicorp/aws","schema_version":0,"values":{"region":"us-east-1","timeouts":null},"sensitive_values":{"validation_record_fqdns":[]}},{"address":"aws_cloudfront_distribution.prod_distribution","mode":"managed","type":"aws_cloudfront_distribution","name":"prod_distribution","provider_name":"registry.terraform.io/hashicorp/aws","schema_version":1,"values":{"aliases":["terraform","www.terraform"],"anycast_ip_list_id":null,"comment":null,"custom_error_response":[{"error_caching_min_ttl":3000,"error_code":404,"response_code":200,"response_page_path":"/index.html"}],"default_cache_behavior":[{"allowed_methods":["DELETE","GET","HEAD","OPTIONS","PATCH","POST","PUT"],"cache_policy_id":null,"cached_methods":["GET","HEAD"],"compress":false,"default_ttl":3600,"field_level_encryption_id":null,"forwarded_values":[{"cookies":[{"forward":"none"}],"query_string":true}],"function_association":[],"lambda_function_association":[],"max_ttl":86400,"min_ttl":0,"origin_request_policy_id":null,"realtime_log_config_arn":null,"response_headers_policy_id":null,"smooth_streaming":null,"target_origin_id":"S3-terraform","viewer_protocol_policy":"redirect-to-https"}],"default_root_object":"index.html","enabled":true,"http_version":"http2","is_ipv6_enabled":true,"logging_config":[],"ordered_cache_behavior":[],"origin":[{"connection_attempts":3,"connection_timeout":10,"custom_header":[],"custom_origin_config":[],"origin_access_control_id":"","origin_id":"S3-terraform","origin_path":"","origin_shield":[],"s3_origin_config":[{}],"vpc_origin_config":[]}],"origin_group":[],"price_class":"PriceClass_100","restrictions":[{"geo_restriction":[{"restriction_type":"none"}]}],"retain_on_delete":false,"staging":false,"tags":null,"viewer_certificate":[{"cloudfront_default_certificate":null,"iam_certificate_id":null,"minimum_protocol_version":"TLSv1","ssl_support_method":"sni-only"}],"wait_for_deployment":true,"web_acl_id":null},"sensitive_values":{"aliases":[false,false],"custom_error_response":[{}],"default_cache_behavior":[{"allowed_methods":[false,false,false,false,false,false,false],"cached_methods":[false,false],"forwarded_values":[{"cookies":[{"whitelisted_names":[]}],"headers":[],"query_string_cache_keys":[]}],"function_association":[],"grpc_config":[],"lambda_function_association":[],"trusted_key_groups":[],"trusted_signers":[]}],"logging_config":[],"ordered_cache_behavior":[],"origin":[{"custom_header":[],"custom_origin_config":[],"origin_shield":[],"s3_origin_config":[{}],"vpc_origin_config":[]}],"origin_group":[],"restrictions":[{"geo_restriction":[{"locations":[]}]}],"tags_all":{},"trusted_key_groups":[],"trusted_signers":[],"viewer_certificate":[{}]}},{"address":"aws_cloudfront_origin_access_identity.origin_access_identity","mode":"managed","type":"aws_cloudfront_origin_access_identity","name":"origin_access_identity","provider_name":"registry.terraform.io/hashicorp/aws","schema_version":0,"values":{"comment":null},"sensitive_values":{}},{"address":"aws_route53_record.cert_validation[\"terraform\"]","mode":"managed","type":"aws_route53_record","name":"cert_validation","index":"terraform","provider_name":"registry.terraform.io/hashicorp/aws","schema_version":2,"values":{"alias":[],"allow_overwrite":true,"cidr_routing_policy":[],"failover_routing_policy":[],"geolocation_routing_policy":[],"geoproximity_routing_policy":[],"health_check_id":null,"latency_routing_policy":[],"multivalue_answer_routing_policy":null,"set_identifier":null,"timeouts":null,"ttl":60,"weighted_routing_policy":[]},"sensitive_values":{"alias":[],"cidr_routing_policy":[],"failover_routing_policy":[],"geolocation_routing_policy":[],"geoproximity_routing_policy":[],"latency_routing_policy":[],"records":[],"weighted_routing_policy":[]},"identity_schema_version":0,"identity":{"account_id":null,"name":null,"set_identifier":null,"type":null,"zone_id":null}},{"address":"aws_route53_record.cert_validation[\"www.terraform\"]","mode":"managed","type":"aws_route53_record","name":"cert_validation","index":"www.terraform","provider_name":"registry.terraform.io/hashicorp/aws","schema_version":2,"values":{"alias":[],"allow_overwrite":true,"cidr_routing_policy":[],"failover_routing_policy":[],"geolocation_routing_policy":[],"geoproximity_routing_policy":[],"health_check_id":null,"latency_routing_policy":[],"multivalue_answer_routing_policy":null,"set_identifier":null,"timeouts":null,"ttl":60,"weighted_routing_policy":[]},"sensitive_values":{"alias":[],"cidr_routing_policy":[],"failover_routing_policy":[],"geolocation_routing_policy":[],"geoproximity_routing_policy":[],"latency_routing_policy":[],"records":[],"weighted_routing_policy":[]},"identity_schema_version":0,"identity":{"account_id":null,"name":null,"set_identifier":null,"type":null,"zone_id":null}},{"address":"aws_route53_record.main","mode":"managed","type":"aws_route53_record","name":"main","provider_name":"registry.terraform.io/hashicorp/aws","schema_version":2,"values":{"alias":[],"cidr_routing_policy":[],"failover_routing_policy":[],"geolocation_routing_policy":[],"geoproximity_routing_policy":[],"health_check_id":null,"latency_routing_policy":[],"multivalue_answer_routing_policy":null,"name":"www","records":["terraform"],"set_identifier":null,"timeouts":null,"ttl":86400,"type":"CNAME","weighted_routing_policy":[]},"sensitive_values":{"alias":[],"cidr_routing_policy":[],"failover_routing_policy":[],"geolocation_routing_policy":[],"geoproximity_routing_policy":[],"latency_routing_policy":[],"records":[false],"weighted_routing_policy":[]},"identity_schema_version":0,"identity":{"account_id":null,"name":null,"set_identifier":null,"type":null,"zone_id":null}},{"address":"aws_route53_record.www","mode":"managed","type":"aws_route53_record","name":"www","provider_name":"registry.terraform.io/hashicorp/aws","schema_version":2,"values":{"alias":[{"evaluate_target_health":false}],"cidr_routing_policy":[],"failover_routing_policy":[],"geolocation_routing_policy":[],"geoproximity_routing_policy":[],"health_check_id":null,"latency_routing_policy":[],"multivalue_answer_routing_policy":null,"name":"terraform","records":null,"set_identifier":null,"timeouts":null,"ttl":null,"type":"A","weighted_routing_policy":[]},"sensitive_values":{"alias":[{}],"cidr_routing_policy":[],"failover_routing_policy":[],"geolocation_routing_policy":[],"geoproximity_routing_policy":[],"latency_routing_policy":[],"weighted_routing_policy":[]},"identity_schema_version":0,"identity":{"account_id":null,"name":null,"set_identifier":null,"type":null,"zone_id":null}},{"address":"aws_route53_zone.primary","mode":"managed","type":"aws_route53_zone","name":"primary","provider_name":"registry.terraform.io/hashicorp/aws","schema_version":0,"values":{"comment":"Managed by Terraform","delegation_set_id":null,"force_destroy":false,"name":"terraform","tags":null,"timeouts":null,"vpc":[]},"sensitive_values":{"name_servers":[],"tags_all":{},"vpc":[]}},{"address":"aws_s3_bucket.website_bucket","mode":"managed","type":"aws_s3_bucket","name":"website_bucket","provider_name":"registry.terraform.io/hashicorp/aws","schema_version":0,"values":{"bucket":"terraform","force_destroy":false,"region":"us-east-1","tags":null,"timeouts":null},"sensitive_values":{"cors_rule":[],"grant":[],"lifecycle_rule":[],"logging":[],"object_lock_configuration":[],"replication_configuration":[],"server_side_encryption_configuration":[],"tags_all":{},"versioning":[],"website":[]},"identity_schema_version":0,"identity":{"account_id":null,"bucket":null,"region":null}},{"address":"aws_s3_bucket_acl.example","mode":"managed","type":"aws_s3_bucket_acl","name":"example","provider_name":"registry.terraform.io/hashicorp/aws","schema_version":0,"values":{"acl":"private","expected_bucket_owner":null,"region":"us-east-1"},"sensitive_values":{"access_control_policy":[]},"identity_schema_version":0,"identity":{"account_id":null,"acl":null,"bucket":null,"expected_bucket_owner":null,"region":null}},{"address":"aws_s3_bucket_ownership_controls.ownership","mode":"managed","type":"aws_s3_bucket_ownership_controls","name":"ownership","provider_name":"registry.terraform.io/hashicorp/aws","schema_version":0,"values":{"region":"us-east-1","rule":[{"object_ownership":"ObjectWriter"}]},"sensitive_values":{"rule":[{}]},"identity_schema_version":0,"identity":{"account_id":null,"bucket":null,"region":null}},{"address":"aws_s3_bucket_policy.policy","mode":"managed","type":"aws_s3_bucket_policy","name":"policy","provider_name":"registry.terraform.io/hashicorp/aws","schema_version":0,"values":{"region":"us-east-1"},"sensitive_values":{},"identity_schema_version":0,"identity":{"account_id":null,"bucket":null,"region":null}},{"address":"aws_s3_bucket_website_configuration.website","mode":"managed","type":"aws_s3_bucket_website_configuration","name":"website","provider_name":"registry.terraform.io/hashicorp/aws","schema_version":0,"values":{"error_document":[],"expected_bucket_owner":null,"index_document":[{"suffix":"index.html"}],"redirect_all_requests_to":[],"region":"us-east-1"},"sensitive_values":{"error_document":[],"index_document":[{}],"redirect_all_requests_to":[],"routing_rule":[]},"identity_schema_version":0,"identity":{"account_id":null,"bucket":null,"expected_bucket_owner":null,"region":null}},{"address":"data.aws_iam_policy_document.website_policy","mode":"data","type":"aws_iam_policy_document","name":"website_policy","provider_name":"registry.terraform.io/hashicorp/aws","schema_version":0,"values":{"override_json":null,"override_policy_documents":null,"policy_id":null,"source_json":null,"source_policy_documents":null,"statement":[{"actions":["s3:GetObject"],"condition":[],"effect":null,"not_actions":null,"not_principals":[],"not_resources":null,"principals":[{"identifiers":[null],"type":"AWS"}],"resources":["arn:aws:s3:::terraform/*"],"sid":null},{"actions":["s3:ListBucket"],"condition":[],"effect":null,"not_actions":null,"not_principals":[],"not_resources":null,"principals":[{"identifiers":[null],"type":"AWS"}],"resources":["arn:aws:s3:::terraform"],"sid":null}],"version":null},"sensitive_values":{"statement":[{"actions":[false],"condition":[],"not_principals":[],"principals":[{"identifiers":[false]}],"resources":[false]},{"actions":[false],"condition":[],"not_principals":[],"principals":[{"identifiers":[false]}],"resources":[false]}]}}]}},"resource_changes":[{"address":"data.aws_iam_policy_document.website_policy","mode":"data","type":"aws_iam_policy_document","name":"website_policy","provider_name":"registry.terraform.io/hashicorp/aws","change":{"actions":["read"],"before":null,"after":{"override_json":null,"override_policy_documents":null,"policy_id":null,"source_json":null,"source_policy_documents":null,"statement":[{"actions":["s3:GetObject"],"condition":[],"effect":null,"not_actions":null,"not_principals":[],"not_resources":null,"principals":[{"identifiers":[null],"type":"AWS"}],"resources":["arn:aws:s3:::terraform/*"],"sid":null},{"actions":["s3:ListBucket"],"condition":[],"effect":null,"not_actions":null,"not_principals":[],"not_resources":null,"principals":[{"identifiers":[null],"type":"AWS"}],"resources":["arn:aws:s3:::terraform"],"sid":null}],"version":null},"after_unknown":{"id":true,"json":true,"minified_json":true,"statement":[{"actions":[false],"condition":[],"not_principals":[],"principals":[{"identifiers":[true]}],"resources":[false]},{"actions":[false],"condition":[],"not_principals":[],"principals":[{"identifiers":[true]}],"resources":[false]}]},"before_sensitive":false,"after_sensitive":{"statement":[{"actions":[false],"condition":[],"not_principals":[],"principals":[{"identifiers":[false]}],"resources":[false]},{"actions":[false],"condition":[],"not_principals":[],"principals":[{"identifiers":[false]}],"resources":[false]}]}},"action_reason":"read_because_config_unknown"},{"address":"aws_acm_certificate.cert","mode":"managed","type":"aws_acm_certificate","name":"cert","provider_name":"registry.terraform.io/hashicorp/aws","change":{"actions":["create"],"before":null,"after":{"certificate_authority_arn":null,"certificate_body":null,"certificate_chain":null,"domain_name":"terraform","domain_validation_options":[{"domain_name":"terraform"},{"domain_name":"www.terraform"}],"early_renewal_duration":null,"private_key":null,"region":"us-east-1","subject_alternative_names":["terraform","www.terraform"],"tags":null,"validation_method":"DNS","validation_option":[]},"after_unknown":{"arn":true,"domain_validation_options":[{"resource_record_name":true,"resource_record_type":true,"resource_record_value":true},{"resource_record_name":true,"resource_record_type":true,"resource_record_value":true}],"id":true,"key_algorithm":true,"not_after":true,"not_before":true,"options":true,"pending_renewal":true,"renewal_eligibility":true,"renewal_summary":true,"status":true,"subject_alternative_names":[false,false],"tags_all":true,"type":true,"validation_emails":true,"validation_option":[]},"before_sensitive":false,"after_sensitive":{"domain_validation_options":[{},{}],"options":[],"private_key":true,"renewal_summary":[],"subject_alternative_names":[false,false],"tags_all":{},"validation_emails":[],"validation_option":[]},"after_identity":{"arn":null}}},{"address":"aws_acm_certificate_validation.main","mode":"managed","type":"aws_acm_certificate_validation","name":"main","provider_name":"registry.terraform.io/hashicorp/aws","change":{"actions":["create"],"before":null,"after":{"region":"us-east-1","timeouts":null},"after_unknown":{"certificate_arn":true,"id":true,"validation_record_fqdns":true},"before_sensitive":false,"after_sensitive":{"validation_record_fqdns":[]}}},{"address":"aws_cloudfront_distribution.prod_distribution","mode":"managed","type":"aws_cloudfront_distribution","name":"prod_distribution","provider_name":"registry.terraform.io/hashicorp/aws","change":{"actions":["create"],"before":null,"after":{"aliases":["terraform","www.terraform"],"anycast_ip_list_id":null,"comment":null,"custom_error_response":[{"error_caching_min_ttl":3000,"error_code":404,"response_code":200,"response_page_path":"/index.html"}],"default_cache_behavior":[{"allowed_methods":["DELETE","GET","HEAD","OPTIONS","PATCH","POST","PUT"],"cache_policy_id":null,"cached_methods":["GET","HEAD"],"compress":false,"default_ttl":3600,"field_level_encryption_id":null,"forwarded_values":[{"cookies":[{"forward":"none"}],"query_string":true}],"function_association":[],"lambda_function_association":[],"max_ttl":86400,"min_ttl":0,"origin_request_policy_id":null,"realtime_log_config_arn":null,"response_headers_policy_id":null,"smooth_streaming":null,"target_origin_id":"S3-terraform","viewer_protocol_policy":"redirect-to-https"}],"default_root_object":"index.html","enabled":true,"http_version":"http2","is_ipv6_enabled":true,"logging_config":[],"ordered_cache_behavior":[],"origin":[{"connection_attempts":3,"connection_timeout":10,"custom_header":[],"custom_origin_config":[],"origin_access_control_id":"","origin_id":"S3-terraform","origin_path":"","origin_shield":[],"s3_origin_config":[{}],"vpc_origin_config":[]}],"origin_group":[],"price_class":"PriceClass_100","restrictions":[{"geo_restriction":[{"restriction_type":"none"}]}],"retain_on_delete":false,"staging":false,"tags":null,"viewer_certificate":[{"cloudfront_default_certificate":null,"iam_certificate_id":null,"minimum_protocol_version":"TLSv1","ssl_support_method":"sni-only"}],"wait_for_deployment":true,"web_acl_id":null},"after_unknown":{"aliases":[false,false],"arn":true,"caller_reference":true,"continuous_deployment_policy_id":true,"custom_error_response":[{}],"default_cache_behavior":[{"allowed_methods":[false,false,false,false,false,false,false],"cached_methods":[false,false],"forwarded_values":[{"cookies":[{"whitelisted_names":true}],"headers":true,"query_string_cache_keys":true}],"function_association":[],"grpc_config":true,"lambda_function_association":[],"trusted_key_groups":true,"trusted_signers":true}],"domain_name":true,"etag":true,"hosted_zone_id":true,"id":true,"in_progress_validation_batches":true,"last_modified_time":true,"logging_config":[],"logging_v1_enabled":true,"ordered_cache_behavior":[],"origin":[{"custom_header":[],"custom_origin_config":[],"domain_name":true,"origin_shield":[],"response_completion_timeout":true,"s3_origin_config":[{"origin_access_identity":true}],"vpc_origin_config":[]}],"origin_group":[],"restrictions":[{"geo_restriction":[{"locations":true}]}],"status":true,"tags_all":true,"trusted_key_groups":true,"trusted_signers":true,"viewer_certificate":[{"acm_certificate_arn":true}]},"before_sensitive":false,"after_sensitive":{"aliases":[false,false],"custom_error_response":[{}],"default_cache_behavior":[{"allowed_methods":[false,false,false,false,false,false,false],"cached_methods":[false,false],"forwarded_values":[{"cookies":[{"whitelisted_names":[]}],"headers":[],"query_string_cache_keys":[]}],"function_association":[],"grpc_config":[],"lambda_function_association":[],"trusted_key_groups":[],"trusted_signers":[]}],"logging_config":[],"ordered_cache_behavior":[],"origin":[{"custom_header":[],"custom_origin_config":[],"origin_shield":[],"s3_origin_config":[{}],"vpc_origin_config":[]}],"origin_group":[],"restrictions":[{"geo_restriction":[{"locations":[]}]}],"tags_all":{},"trusted_key_groups":[],"trusted_signers":[],"viewer_certificate":[{}]}}},{"address":"aws_cloudfront_origin_access_identity.origin_access_identity","mode":"managed","type":"aws_cloudfront_origin_access_identity","name":"origin_access_identity","provider_name":"registry.terraform.io/hashicorp/aws","change":{"actions":["create"],"before":null,"after":{"comment":null},"after_unknown":{"arn":true,"caller_reference":true,"cloudfront_access_identity_path":true,"etag":true,"iam_arn":true,"id":true,"s3_canonical_user_id":true},"before_sensitive":false,"after_sensitive":{}}},{"address":"aws_route53_record.cert_validation[\"terraform\"]","mode":"managed","type":"aws_route53_record","name":"cert_validation","index":"terraform","provider_name":"registry.terraform.io/hashicorp/aws","change":{"actions":["create"],"before":null,"after":{"alias":[],"allow_overwrite":true,"cidr_routing_policy":[],"failover_routing_policy":[],"geolocation_routing_policy":[],"geoproximity_routing_policy":[],"health_check_id":null,"latency_routing_policy":[],"multivalue_answer_routing_policy":null,"set_identifier":null,"timeouts":null,"ttl":60,"weighted_routing_policy":[]},"after_unknown":{"alias":[],"cidr_routing_policy":[],"failover_routing_policy":[],"fqdn":true,"geolocation_routing_policy":[],"geoproximity_routing_policy":[],"id":true,"latency_routing_policy":[],"name":true,"records":true,"type":true,"weighted_routing_policy":[],"zone_id":true},"before_sensitive":false,"after_sensitive":{"alias":[],"cidr_routing_policy":[],"failover_routing_policy":[],"geolocation_routing_policy":[],"geoproximity_routing_policy":[],"latency_routing_policy":[],"records":[],"weighted_routing_policy":[]},"after_identity":{"account_id":null,"name":null,"set_identifier":null,"type":null,"zone_id":null}}},{"address":"aws_route53_record.cert_validation[\"www.terraform\"]","mode":"managed","type":"aws_route53_record","name":"cert_validation","index":"www.terraform","provider_name":"registry.terraform.io/hashicorp/aws","change":{"actions":["create"],"before":null,"after":{"alias":[],"allow_overwrite":true,"cidr_routing_policy":[],"failover_routing_policy":[],"geolocation_routing_policy":[],"geoproximity_routing_policy":[],"health_check_id":null,"latency_routing_policy":[],"multivalue_answer_routing_policy":null,"set_identifier":null,"timeouts":null,"ttl":60,"weighted_routing_policy":[]},"after_unknown":{"alias":[],"cidr_routing_policy":[],"failover_routing_policy":[],"fqdn":true,"geolocation_routing_policy":[],"geoproximity_routing_policy":[],"id":true,"latency_routing_policy":[],"name":true,"records":true,"type":true,"weighted_routing_policy":[],"zone_id":true},"before_sensitive":false,"after_sensitive":{"alias":[],"cidr_routing_policy":[],"failover_routing_policy":[],"geolocation_routing_policy":[],"geoproximity_routing_policy":[],"latency_routing_policy":[],"records":[],"weighted_routing_policy":[]},"after_identity":{"account_id":null,"name":null,"set_identifier":null,"type":null,"zone_id":null}}},{"address":"aws_route53_record.main","mode":"managed","type":"aws_route53_record","name":"main","provider_name":"registry.terraform.io/hashicorp/aws","change":{"actions":["create"],"before":null,"after":{"alias":[],"cidr_routing_policy":[],"failover_routing_policy":[],"geolocation_routing_policy":[],"geoproximity_routing_policy":[],"health_check_id":null,"latency_routing_policy":[],"multivalue_answer_routing_policy":null,"name":"www","records":["terraform"],"set_identifier":null,"timeouts":null,"ttl":86400,"type":"CNAME","weighted_routing_policy":[]},"after_unknown":{"alias":[],"allow_overwrite":true,"cidr_routing_policy":[],"failover_routing_policy":[],"fqdn":true,"geolocation_routing_policy":[],"geoproximity_routing_policy":[],"id":true,"latency_routing_policy":[],"records":[false],"weighted_routing_policy":[],"zone_id":true},"before_sensitive":false,"after_sensitive":{"alias":[],"cidr_routing_policy":[],"failover_routing_policy":[],"geolocation_routing_policy":[],"geoproximity_routing_policy":[],"latency_routing_policy":[],"records":[false],"weighted_routing_policy":[]},"after_identity":{"account_id":null,"name":null,"set_identifier":null,"type":null,"zone_id":null}}},{"address":"aws_route53_record.www","mode":"managed","type":"aws_route53_record","name":"www","provider_name":"registry.terraform.io/hashicorp/aws","change":{"actions":["create"],"before":null,"after":{"alias":[{"evaluate_target_health":false}],"cidr_routing_policy":[],"failover_routing_policy":[],"geolocation_routing_policy":[],"geoproximity_routing_policy":[],"health_check_id":null,"latency_routing_policy":[],"multivalue_answer_routing_policy":null,"name":"terraform","records":null,"set_identifier":null,"timeouts":null,"ttl":null,"type":"A","weighted_routing_policy":[]},"after_unknown":{"alias":[{"name":true,"zone_id":true}],"allow_overwrite":true,"cidr_routing_policy":[],"failover_routing_policy":[],"fqdn":true,"geolocation_routing_policy":[],"geoproximity_routing_policy":[],"id":true,"latency_routing_policy":[],"weighted_routing_policy":[],"zone_id":true},"before_sensitive":false,"after_sensitive":{"alias":[{}],"cidr_routing_policy":[],"failover_routing_policy":[],"geolocation_routing_policy":[],"geoproximity_routing_policy":[],"latency_routing_policy":[],"weighted_routing_policy":[]},"after_identity":{"account_id":null,"name":null,"set_identifier":null,"type":null,"zone_id":null}}},{"address":"aws_route53_zone.primary","mode":"managed","type":"aws_route53_zone","name":"primary","provider_name":"registry.terraform.io/hashicorp/aws","change":{"actions":["create"],"before":null,"after":{"comment":"Managed by Terraform","delegation_set_id":null,"force_destroy":false,"name":"terraform","tags":null,"timeouts":null,"vpc":[]},"after_unknown":{"arn":true,"enable_accelerated_recovery":true,"id":true,"name_servers":true,"primary_name_server":true,"tags_all":true,"vpc":[],"zone_id":true},"before_sensitive":false,"after_sensitive":{"name_servers":[],"tags_all":{},"vpc":[]}}},{"address":"aws_s3_bucket.website_bucket","mode":"managed","type":"aws_s3_bucket","name":"website_bucket","provider_name":"registry.terraform.io/hashicorp/aws","change":{"actions":["create"],"before":null,"after":{"bucket":"terraform","force_destroy":false,"region":"us-east-1","tags":null,"timeouts":null},"after_unknown":{"acceleration_status":true,"acl":true,"arn":true,"bucket_domain_name":true,"bucket_prefix":true,"bucket_region":true,"bucket_regional_domain_name":true,"cors_rule":true,"grant":true,"hosted_zone_id":true,"id":true,"lifecycle_rule":true,"logging":true,"object_lock_configuration":true,"object_lock_enabled":true,"policy":true,"replication_configuration":true,"request_payer":true,"server_side_encryption_configuration":true,"tags_all":true,"versioning":true,"website":true,"website_domain":true,"website_endpoint":true},"before_sensitive":false,"after_sensitive":{"cors_rule":[],"grant":[],"lifecycle_rule":[],"logging":[],"object_lock_configuration":[],"replication_configuration":[],"server_side_encryption_configuration":[],"tags_all":{},"versioning":[],"website":[]},"after_identity":{"account_id":null,"bucket":null,"region":null}}},{"address":"aws_s3_bucket_acl.example","mode":"managed","type":"aws_s3_bucket_acl","name":"example","provider_name":"registry.terraform.io/hashicorp/aws","change":{"actions":["create"],"before":null,"after":{"acl":"private","expected_bucket_owner":null,"region":"us-east-1"},"after_unknown":{"access_control_policy":true,"bucket":true,"id":true},"before_sensitive":false,"after_sensitive":{"access_control_policy":[]},"after_identity":{"account_id":null,"acl":null,"bucket":null,"expected_bucket_owner":null,"region":null}}},{"address":"aws_s3_bucket_ownership_controls.ownership","mode":"managed","type":"aws_s3_bucket_ownership_controls","name":"ownership","provider_name":"registry.terraform.io/hashicorp/aws","change":{"actions":["create"],"before":null,"after":{"region":"us-east-1","rule":[{"object_ownership":"ObjectWriter"}]},"after_unknown":{"bucket":true,"id":true,"rule":[{}]},"before_sensitive":false,"after_sensitive":{"rule":[{}]},"after_identity":{"account_id":null,"bucket":null,"region":null}}},{"address":"aws_s3_bucket_policy.policy","mode":"managed","type":"aws_s3_bucket_policy","name":"policy","provider_name":"registry.terraform.io/hashicorp/aws","change":{"actions":["create"],"before":null,"after":{"region":"us-east-1"},"after_unknown":{"bucket":true,"id":true,"policy":true},"before_sensitive":false,"after_sensitive":{},"after_identity":{"account_id":null,"bucket":null,"region":null}}},{"address":"aws_s3_bucket_website_configuration.website","mode":"managed","type":"aws_s3_bucket_website_configuration","name":"website","provider_name":"registry.terraform.io/hashicorp/aws","change":{"actions":["create"],"before":null,"after":{"error_document":[],"expected_bucket_owner":null,"index_document":[{"suffix":"index.html"}],"redirect_all_requests_to":[],"region":"us-east-1"},"after_unknown":{"bucket":true,"error_document":[],"id":true,"index_document":[{}],"redirect_all_requests_to":[],"routing_rule":true,"routing_rules":true,"website_domain":true,"website_endpoint":true},"before_sensitive":false,"after_sensitive":{"error_document":[],"index_document":[{}],"redirect_all_requests_to":[],"routing_rule":[]},"after_identity":{"account_id":null,"bucket":null,"expected_bucket_owner":null,"region":null}}}],"configuration":{"provider_config":{"archive":{"name":"archive","full_name":"registry.terraform.io/hashicorp/archive","version_constraint":"\u003e= 2.0.0"},"aws":{"name":"aws","full_name":"registry.terraform.io/hashicorp/aws","version_constraint":"~\u003e 6.27.0","expressions":{"access_key":{"constant_value":"mock"},"endpoints":[{"apigateway":{"constant_value":"http://localhost:4566"},"apigatewayv2":{"constant_value":"http://localhost:4566"},"cloudwatch":{"constant_value":"http://localhost:4566"},"cloudwatchevents":{"constant_value":"http://localhost:4566"},"dynamodb":{"constant_value":"http://localhost:4566"},"ec2":{"constant_value":"http://localhost:4566"},"ecr":{"constant_value":"http://localhost:4566"},"ecrpublic":{"constant_value":"http://localhost:4566"},"ecs":{"constant_value":"http://localhost:4566"},"efs":{"constant_value":"http://localhost:4566"},"iam":{"constant_value":"http://localhost:4566"},"kinesis":{"constant_value":"http://localhost:4566"},"kms":{"constant_value":"http://localhost:4566"},"lambda":{"constant_value":"http://localhost:4566"},"logs":{"constant_value":"http://localhost:4566"},"route53":{"constant_value":"http://localhost:4566"},"s3":{"constant_value":"http://localhost:4566"},"s3control":{"constant_value":"http://localhost:4566"},"secretsmanager":{"constant_value":"http://localhost:4566"},"sns":{"constant_value":"http://localhost:4566"},"sqs":{"constant_value":"http://localhost:4566"},"ssm":{"constant_value":"http://localhost:4566"},"sts":{"constant_value":"http://localhost:4566"}}],"region":{"constant_value":"us-east-1"},"s3_use_path_style":{"constant_value":true},"secret_key":{"constant_value":"mock"},"skip_credentials_validation":{"constant_value":true},"skip_metadata_api_check":{"constant_value":true},"skip_region_validation":{"constant_value":true},"skip_requesting_account_id":{"constant_value":true}}}},"root_module":{"resources":[{"address":"aws_acm_certificate.cert","mode":"managed","type":"aws_acm_certificate","name":"cert","provider_config_key":"aws","expressions":{"domain_name":{"references":["var.domain_name"]},"subject_alternative_names":{"references":["var.domain_name"]},"validation_method":{"constant_value":"DNS"}},"schema_version":0},{"address":"aws_acm_certificate_validation.main","mode":"managed","type":"aws_acm_certificate_validation","name":"main","provider_config_key":"aws","expressions":{"certificate_arn":{"references":["aws_acm_certificate.cert.arn","aws_acm_certificate.cert"]},"validation_record_fqdns":{"references":["aws_route53_record.cert_validation"]}},"schema_version":0},{"address":"aws_cloudfront_distribution.prod_distribution","mode":"managed","type":"aws_cloudfront_distribution","name":"prod_distribution","provider_config_key":"aws","expressions":{"aliases":{"references":["var.domain_name","var.domain_name"]},"custom_error_response":[{"error_caching_min_ttl":{"constant_value":3000},"error_code":{"constant_value":404},"response_code":{"constant_value":200},"response_page_path":{"constant_value":"/index.html"}}],"default_cache_behavior":[{"allowed_methods":{"constant_value":["DELETE","GET","HEAD","OPTIONS","PATCH","POST","PUT"]},"cached_methods":{"constant_value":["GET","HEAD"]},"default_ttl":{"constant_value":3600},"forwarded_values":[{"cookies":[{"forward":{"constant_value":"none"}}],"query_string":{"constant_value":true}}],"max_ttl":{"constant_value":86400},"min_ttl":{"constant_value":0},"target_origin_id":{"references":["aws_s3_bucket.website_bucket.bucket","aws_s3_bucket.website_bucket"]},"viewer_protocol_policy":{"constant_value":"redirect-to-https"}}],"default_root_object":{"constant_value":"index.html"},"enabled":{"constant_value":true},"is_ipv6_enabled":{"constant_value":true},"origin":[{"domain_name":{"references":["aws_s3_bucket.website_bucket.bucket_regional_domain_name","aws_s3_bucket.website_bucket"]},"origin_id":{"references":["aws_s3_bucket.website_bucket.bucket","aws_s3_bucket.website_bucket"]},"s3_origin_config":[{"origin_access_identity":{"references":["aws_cloudfront_origin_access_identity.origin_access_identity.cloudfront_access_identity_path","aws_cloudfront_origin_access_identity.origin_access_identity"]}}]}],"price_class":{"constant_value":"PriceClass_100"},"restrictions":[{"geo_restriction":[{"restriction_type":{"constant_value":"none"}}]}],"viewer_certificate":[{"acm_certificate_arn":{"references":["aws_acm_certificate_validation.main.certificate_arn","aws_acm_certificate_validation.main"]},"ssl_support_method":{"constant_value":"sni-only"}}]},"schema_version":1},{"address":"aws_cloudfront_origin_access_identity.origin_access_identity","mode":"managed","type":"aws_cloudfront_origin_access_identity","name":"origin_access_identity","provider_config_key":"aws","schema_version":0},{"address":"aws_route53_record.cert_validation","mode":"managed","type":"aws_route53_record","name":"cert_validation","provider_config_key":"aws","expressions":{"allow_overwrite":{"constant_value":true},"name":{"references":["each.value.name","each.value"]},"records":{"references":["each.value.record","each.value"]},"ttl":{"constant_value":60},"type":{"references":["each.value.type","each.value"]},"zone_id":{"references":["aws_route53_zone.primary.zone_id","aws_route53_zone.primary"]}},"schema_version":2,"for_each_expression":{"references":["aws_acm_certificate.cert.domain_validation_options","aws_acm_certificate.cert"]}},{"address":"aws_route53_record.main","mode":"managed","type":"aws_route53_record","name":"main","provider_config_key":"aws","expressions":{"name":{"constant_value":"www"},"records":{"references":["var.domain_name"]},"ttl":{"constant_value":86400},"type":{"constant_value":"CNAME"},"zone_id":{"references":["aws_route53_zone.primary.zone_id","aws_route53_zone.primary"]}},"schema_version":2},{"address":"aws_route53_record.www","mode":"managed","type":"aws_route53_record","name":"www","provider_config_key":"aws","expressions":{"alias":[{"evaluate_target_health":{"constant_value":false},"name":{"references":["aws_cloudfront_distribution.prod_distribution.domain_name","aws_cloudfront_distribution.prod_distribution"]},"zone_id":{"references":["aws_cloudfront_distribution.prod_distribution.hosted_zone_id","aws_cloudfront_distribution.prod_distribution"]}}],"name":{"references":["var.domain_name"]},"type":{"constant_value":"A"},"zone_id":{"references":["aws_route53_zone.primary.zone_id","aws_route53_zone.primary"]}},"schema_version":2},{"address":"aws_route53_zone.primary","mode":"managed","type":"aws_route53_zone","name":"primary","provider_config_key":"aws","expressions":{"name":{"references":["var.domain_name"]}},"schema_version":0},{"address":"aws_s3_bucket.website_bucket","mode":"managed","type":"aws_s3_bucket","name":"website_bucket","provider_config_key":"aws","expressions":{"bucket":{"references":["var.bucket_name"]}},"schema_version":0},{"address":"aws_s3_bucket_acl.example","mode":"managed","type":"aws_s3_bucket_acl","name":"example","provider_config_key":"aws","expressions":{"acl":{"constant_value":"private"},"bucket":{"references":["aws_s3_bucket.website_bucket.id","aws_s3_bucket.website_bucket"]}},"schema_version":0,"depends_on":["aws_s3_bucket_ownership_controls.ownership"]},{"address":"aws_s3_bucket_ownership_controls.ownership","mode":"managed","type":"aws_s3_bucket_ownership_controls","name":"ownership","provider_config_key":"aws","expressions":{"bucket":{"references":["aws_s3_bucket.website_bucket.id","aws_s3_bucket.website_bucket"]},"rule":[{"object_ownership":{"constant_value":"ObjectWriter"}}]},"schema_version":0},{"address":"aws_s3_bucket_policy.policy","mode":"managed","type":"aws_s3_bucket_policy","name":"policy","provider_config_key":"aws","expressions":{"bucket":{"references":["aws_s3_bucket.website_bucket.id","aws_s3_bucket.website_bucket"]},"policy":{"references":["data.aws_iam_policy_document.website_policy.json","data.aws_iam_policy_document.website_policy"]}},"schema_version":0},{"address":"aws_s3_bucket_website_configuration.website","mode":"managed","type":"aws_s3_bucket_website_configuration","name":"website","provider_config_key":"aws","expressions":{"bucket":{"references":["aws_s3_bucket.website_bucket.id","aws_s3_bucket.website_bucket"]},"index_document":[{"suffix":{"constant_value":"index.html"}}]},"schema_version":0},{"address":"data.aws_iam_policy_document.website_policy","mode":"data","type":"aws_iam_policy_document","name":"website_policy","provider_config_key":"aws","expressions":{"statement":[{"actions":{"constant_value":["s3:GetObject"]},"principals":[{"identifiers":{"references":["aws_cloudfront_origin_access_identity.origin_access_identity.iam_arn","aws_cloudfront_origin_access_identity.origin_access_identity"]},"type":{"constant_value":"AWS"}}],"resources":{"references":["var.bucket_name"]}},{"actions":{"constant_value":["s3:ListBucket"]},"principals":[{"identifiers":{"references":["aws_cloudfront_origin_access_identity.origin_access_identity.iam_arn","aws_cloudfront_origin_access_identity.origin_access_identity"]},"type":{"constant_value":"AWS"}}],"resources":{"references":["var.bucket_name"]}}]},"schema_version":0}],"variables":{"bucket_name":{},"domain_name":{}}}},"relevant_attributes":[{"resource":"aws_acm_certificate.cert","attribute":["arn"]},{"resource":"aws_route53_zone.primary","attribute":["zone_id"]},{"resource":"aws_acm_certificate.cert","attribute":["domain_validation_options"]},{"resource":"aws_cloudfront_origin_access_identity.origin_access_identity","attribute":["cloudfront_access_identity_path"]},{"resource":"aws_s3_bucket.website_bucket","attribute":["bucket_regional_domain_name"]},{"resource":"aws_cloudfront_origin_access_identity.origin_access_identity","attribute":["iam_arn"]},{"resource":"data.aws_iam_policy_document.website_policy","attribute":["json"]},{"resource":"aws_s3_bucket.website_bucket","attribute":["id"]},{"resource":"aws_route53_record.cert_validation","attribute":[]},{"resource":"aws_acm_certificate_validation.main","attribute":["certificate_arn"]},{"resource":"aws_s3_bucket.website_bucket","attribute":["bucket"]},{"resource":"aws_cloudfront_distribution.prod_distribution","attribute":["domain_name"]},{"resource":"aws_cloudfront_distribution.prod_distribution","attribute":["hosted_zone_id"]}],"timestamp":"2026-01-25T17:40:35Z","applyable":true,"complete":true,"errored":false}
