
Terraform used the selected providers to generate the following execution
plan. Resource actions are indicated with the following symbols:
  + create
 <= read (data resources)

Terraform will perform the following actions:

  # data.aws_iam_policy_document.site_bucket_policy will be read during apply
  # (config refers to values not yet known)
 <= data "aws_iam_policy_document" "site_bucket_policy" {
      + id            = (known after apply)
      + json          = (known after apply)
      + minified_json = (known after apply)

      + statement {
          + actions   = [
              + "s3:GetObject",
            ]
          + effect    = "Allow"
          + resources = [
              + (known after apply),
            ]

          + principals {
              + identifiers = [
                  + "*",
                ]
              + type        = "*"
            }
        }
    }

  # aws_s3_bucket.site_bucket will be created
  + resource "aws_s3_bucket" "site_bucket" {
      + acceleration_status         = (known after apply)
      + acl                         = (known after apply)
      + arn                         = (known after apply)
      + bucket                      = (known after apply)
      + bucket_domain_name          = (known after apply)
      + bucket_prefix               = (known after apply)
      + bucket_region               = (known after apply)
      + bucket_regional_domain_name = (known after apply)
      + force_destroy               = true
      + hosted_zone_id              = (known after apply)
      + id                          = (known after apply)
      + object_lock_enabled         = (known after apply)
      + policy                      = (known after apply)
      + region                      = "us-east-1"
      + request_payer               = (known after apply)
      + tags                        = {
          + "Environment" = "demo"
          + "Project"     = "mkdocs-demo"
        }
      + tags_all                    = {
          + "Environment" = "demo"
          + "Project"     = "mkdocs-demo"
        }
      + website_domain              = (known after apply)
      + website_endpoint            = (known after apply)

      + cors_rule (known after apply)

      + grant (known after apply)

      + lifecycle_rule (known after apply)

      + logging (known after apply)

      + object_lock_configuration (known after apply)

      + replication_configuration (known after apply)

      + server_side_encryption_configuration (known after apply)

      + versioning (known after apply)

      + website {
          + error_document = "404.html"
          + index_document = "index.html"
        }
    }

  # aws_s3_bucket_policy.site_bucket_policy will be created
  + resource "aws_s3_bucket_policy" "site_bucket_policy" {
      + bucket = (known after apply)
      + id     = (known after apply)
      + policy = (known after apply)
      + region = "us-east-1"
    }

  # aws_s3_bucket_public_access_block.site_bucket will be created
  + resource "aws_s3_bucket_public_access_block" "site_bucket" {
      + block_public_acls       = false
      + block_public_policy     = false
      + bucket                  = (known after apply)
      + id                      = (known after apply)
      + ignore_public_acls      = false
      + region                  = "us-east-1"
      + restrict_public_buckets = false
    }

  # random_string.suffix will be created
  + resource "random_string" "suffix" {
      + id          = (known after apply)
      + length      = 8
      + lower       = true
      + min_lower   = 0
      + min_numeric = 0
      + min_special = 0
      + min_upper   = 0
      + number      = true
      + numeric     = true
      + result      = (known after apply)
      + special     = false
      + upper       = false
    }

Plan: 4 to add, 0 to change, 0 to destroy.

Changes to Outputs:
  + site_bucket_name             = (known after apply)
  + site_bucket_website_endpoint = (known after apply)
random_string.suffix: Creating...
random_string.suffix: Creation complete after 0s [id=m1e4daow]
aws_s3_bucket.site_bucket: Creating...
aws_s3_bucket.site_bucket: Still creating... [00m10s elapsed]
aws_s3_bucket.site_bucket: Still creating... [00m20s elapsed]
aws_s3_bucket.site_bucket: Still creating... [00m30s elapsed]
aws_s3_bucket.site_bucket: Still creating... [00m40s elapsed]
aws_s3_bucket.site_bucket: Still creating... [00m50s elapsed]
aws_s3_bucket.site_bucket: Still creating... [01m00s elapsed]
aws_s3_bucket.site_bucket: Still creating... [01m10s elapsed]
aws_s3_bucket.site_bucket: Still creating... [01m20s elapsed]
aws_s3_bucket.site_bucket: Still creating... [01m30s elapsed]
aws_s3_bucket.site_bucket: Still creating... [01m40s elapsed]
aws_s3_bucket.site_bucket: Still creating... [01m50s elapsed]
aws_s3_bucket.site_bucket: Still creating... [02m00s elapsed]
aws_s3_bucket.site_bucket: Still creating... [02m10s elapsed]
aws_s3_bucket.site_bucket: Still creating... [02m20s elapsed]
aws_s3_bucket.site_bucket: Still creating... [02m30s elapsed]
aws_s3_bucket.site_bucket: Still creating... [02m40s elapsed]
aws_s3_bucket.site_bucket: Still creating... [02m50s elapsed]
aws_s3_bucket.site_bucket: Still creating... [03m00s elapsed]
aws_s3_bucket.site_bucket: Still creating... [03m10s elapsed]
aws_s3_bucket.site_bucket: Still creating... [03m20s elapsed]
aws_s3_bucket.site_bucket: Still creating... [03m30s elapsed]
aws_s3_bucket.site_bucket: Still creating... [03m40s elapsed]
aws_s3_bucket.site_bucket: Still creating... [03m50s elapsed]
aws_s3_bucket.site_bucket: Still creating... [04m00s elapsed]
aws_s3_bucket.site_bucket: Still creating... [04m10s elapsed]
aws_s3_bucket.site_bucket: Still creating... [04m20s elapsed]
aws_s3_bucket.site_bucket: Still creating... [04m30s elapsed]
aws_s3_bucket.site_bucket: Still creating... [04m40s elapsed]
aws_s3_bucket.site_bucket: Still creating... [04m50s elapsed]
aws_s3_bucket.site_bucket: Still creating... [05m00s elapsed]
aws_s3_bucket.site_bucket: Still creating... [05m10s elapsed]
aws_s3_bucket.site_bucket: Still creating... [05m20s elapsed]
aws_s3_bucket.site_bucket: Still creating... [05m30s elapsed]
aws_s3_bucket.site_bucket: Still creating... [05m40s elapsed]
aws_s3_bucket.site_bucket: Still creating... [05m50s elapsed]
aws_s3_bucket.site_bucket: Still creating... [06m00s elapsed]
aws_s3_bucket.site_bucket: Still creating... [06m10s elapsed]
aws_s3_bucket.site_bucket: Still creating... [06m20s elapsed]
aws_s3_bucket.site_bucket: Still creating... [06m30s elapsed]
aws_s3_bucket.site_bucket: Still creating... [06m40s elapsed]
aws_s3_bucket.site_bucket: Still creating... [06m50s elapsed]
aws_s3_bucket.site_bucket: Still creating... [07m00s elapsed]
aws_s3_bucket.site_bucket: Still creating... [07m10s elapsed]
aws_s3_bucket.site_bucket: Still creating... [07m20s elapsed]
aws_s3_bucket.site_bucket: Still creating... [07m30s elapsed]
aws_s3_bucket.site_bucket: Still creating... [07m40s elapsed]
aws_s3_bucket.site_bucket: Still creating... [07m50s elapsed]
aws_s3_bucket.site_bucket: Still creating... [08m00s elapsed]
aws_s3_bucket.site_bucket: Still creating... [08m10s elapsed]
aws_s3_bucket.site_bucket: Still creating... [08m20s elapsed]
aws_s3_bucket.site_bucket: Still creating... [08m30s elapsed]
aws_s3_bucket.site_bucket: Still creating... [08m40s elapsed]
aws_s3_bucket.site_bucket: Still creating... [08m50s elapsed]
aws_s3_bucket.site_bucket: Still creating... [09m00s elapsed]
aws_s3_bucket.site_bucket: Still creating... [09m10s elapsed]
aws_s3_bucket.site_bucket: Still creating... [09m20s elapsed]
aws_s3_bucket.site_bucket: Still creating... [09m30s elapsed]
aws_s3_bucket.site_bucket: Still creating... [09m40s elapsed]
aws_s3_bucket.site_bucket: Still creating... [09m50s elapsed]
aws_s3_bucket.site_bucket: Still creating... [10m00s elapsed]
aws_s3_bucket.site_bucket: Still creating... [10m10s elapsed]
aws_s3_bucket.site_bucket: Still creating... [10m20s elapsed]
aws_s3_bucket.site_bucket: Still creating... [10m30s elapsed]
aws_s3_bucket.site_bucket: Still creating... [10m40s elapsed]
aws_s3_bucket.site_bucket: Still creating... [10m50s elapsed]
aws_s3_bucket.site_bucket: Still creating... [11m00s elapsed]
aws_s3_bucket.site_bucket: Still creating... [11m10s elapsed]
aws_s3_bucket.site_bucket: Still creating... [11m20s elapsed]
aws_s3_bucket.site_bucket: Still creating... [11m30s elapsed]
aws_s3_bucket.site_bucket: Still creating... [11m40s elapsed]
aws_s3_bucket.site_bucket: Still creating... [11m50s elapsed]
aws_s3_bucket.site_bucket: Still creating... [12m00s elapsed]
aws_s3_bucket.site_bucket: Still creating... [12m10s elapsed]
aws_s3_bucket.site_bucket: Still creating... [12m20s elapsed]
aws_s3_bucket.site_bucket: Still creating... [12m30s elapsed]
aws_s3_bucket.site_bucket: Still creating... [12m40s elapsed]
aws_s3_bucket.site_bucket: Still creating... [12m50s elapsed]
aws_s3_bucket.site_bucket: Still creating... [13m00s elapsed]
aws_s3_bucket.site_bucket: Still creating... [13m10s elapsed]
aws_s3_bucket.site_bucket: Still creating... [13m20s elapsed]
aws_s3_bucket.site_bucket: Still creating... [13m30s elapsed]
aws_s3_bucket.site_bucket: Still creating... [13m40s elapsed]
aws_s3_bucket.site_bucket: Still creating... [13m50s elapsed]
aws_s3_bucket.site_bucket: Still creating... [14m00s elapsed]
aws_s3_bucket.site_bucket: Still creating... [14m10s elapsed]
aws_s3_bucket.site_bucket: Still creating... [14m20s elapsed]
aws_s3_bucket.site_bucket: Still creating... [14m30s elapsed]
aws_s3_bucket.site_bucket: Still creating... [14m40s elapsed]
aws_s3_bucket.site_bucket: Still creating... [14m50s elapsed]
aws_s3_bucket.site_bucket: Still creating... [15m00s elapsed]
aws_s3_bucket.site_bucket: Still creating... [15m10s elapsed]
aws_s3_bucket.site_bucket: Still creating... [15m20s elapsed]
aws_s3_bucket.site_bucket: Still creating... [15m30s elapsed]
aws_s3_bucket.site_bucket: Still creating... [15m40s elapsed]
aws_s3_bucket.site_bucket: Still creating... [15m50s elapsed]

Warning: Argument is deprecated

  with aws_s3_bucket.site_bucket,
  on main.tf line 7, in resource "aws_s3_bucket" "site_bucket":
   7: resource "aws_s3_bucket" "site_bucket" {

website is deprecated. Use the aws_s3_bucket_website_configuration resource
instead.

(and 2 more similar warnings elsewhere)

Warning: Deprecated attribute

  on outputs.tf line 8, in output "site_bucket_website_endpoint":
   8:   value       = aws_s3_bucket.site_bucket.website_endpoint

The attribute "website_endpoint" is deprecated. Refer to the provider
documentation for details.

(and one more similar warning elsewhere)
