{"format_version":"1.2","terraform_version":"1.13.5","variables":{"region":{"value":"us-east-1"},"site_bucket_name":{"value":null}},"planned_values":{"outputs":{"site_bucket_name":{"sensitive":false},"site_bucket_website_endpoint":{"sensitive":false}},"root_module":{"resources":[{"address":"aws_s3_bucket.site_bucket","mode":"managed","type":"aws_s3_bucket","name":"site_bucket","provider_name":"registry.terraform.io/hashicorp/aws","schema_version":0,"values":{"force_destroy":true,"region":"us-east-1","tags":{"Environment":"demo","Project":"mkdocs-demo"},"tags_all":{"Environment":"demo","Project":"mkdocs-demo"},"timeouts":null,"website":[{"error_document":"404.html","index_document":"index.html","redirect_all_requests_to":null,"routing_rules":null}]},"sensitive_values":{"cors_rule":[],"grant":[],"lifecycle_rule":[],"logging":[],"object_lock_configuration":[],"replication_configuration":[],"server_side_encryption_configuration":[],"tags":{},"tags_all":{},"versioning":[],"website":[{}]},"identity_schema_version":0,"identity":{"account_id":null,"bucket":null,"region":null}},{"address":"aws_s3_bucket_policy.site_bucket_policy","mode":"managed","type":"aws_s3_bucket_policy","name":"site_bucket_policy","provider_name":"registry.terraform.io/hashicorp/aws","schema_version":0,"values":{"region":"us-east-1"},"sensitive_values":{},"identity_schema_version":0,"identity":{"account_id":null,"bucket":null,"region":null}},{"address":"aws_s3_bucket_public_access_block.site_bucket","mode":"managed","type":"aws_s3_bucket_public_access_block","name":"site_bucket","provider_name":"registry.terraform.io/hashicorp/aws","schema_version":0,"values":{"block_public_acls":false,"block_public_policy":false,"ignore_public_acls":false,"region":"us-east-1","restrict_public_buckets":false,"skip_destroy":null},"sensitive_values":{},"identity_schema_version":0,"identity":{"account_id":null,"bucket":null,"region":null}},{"address":"data.aws_iam_policy_document.site_bucket_policy","mode":"data","type":"aws_iam_policy_document","name":"site_bucket_policy","provider_name":"registry.terraform.io/hashicorp/aws","schema_version":0,"values":{"override_json":null,"override_policy_documents":null,"policy_id":null,"source_json":null,"source_policy_documents":null,"statement":[{"actions":["s3:GetObject"],"condition":[],"effect":"Allow","not_actions":null,"not_principals":[],"not_resources":null,"principals":[{"identifiers":["*"],"type":"*"}],"resources":[null],"sid":null}],"version":null},"sensitive_values":{"statement":[{"actions":[false],"condition":[],"not_principals":[],"principals":[{"identifiers":[false]}],"resources":[false]}]}},{"address":"random_string.suffix","mode":"managed","type":"random_string","name":"suffix","provider_name":"registry.terraform.io/hashicorp/random","schema_version":2,"values":{"keepers":null,"length":8,"lower":true,"min_lower":0,"min_numeric":0,"min_special":0,"min_upper":0,"number":true,"numeric":true,"override_special":null,"special":false,"upper":false},"sensitive_values":{}}]}},"resource_changes":[{"address":"data.aws_iam_policy_document.site_bucket_policy","mode":"data","type":"aws_iam_policy_document","name":"site_bucket_policy","provider_name":"registry.terraform.io/hashicorp/aws","change":{"actions":["read"],"before":null,"after":{"override_json":null,"override_policy_documents":null,"policy_id":null,"source_json":null,"source_policy_documents":null,"statement":[{"actions":["s3:GetObject"],"condition":[],"effect":"Allow","not_actions":null,"not_principals":[],"not_resources":null,"principals":[{"identifiers":["*"],"type":"*"}],"resources":[null],"sid":null}],"version":null},"after_unknown":{"id":true,"json":true,"minified_json":true,"statement":[{"actions":[false],"condition":[],"not_principals":[],"principals":[{"identifiers":[false]}],"resources":[true]}]},"before_sensitive":false,"after_sensitive":{"statement":[{"actions":[false],"condition":[],"not_principals":[],"principals":[{"identifiers":[false]}],"resources":[false]}]}},"action_reason":"read_because_config_unknown"},{"address":"aws_s3_bucket.site_bucket","mode":"managed","type":"aws_s3_bucket","name":"site_bucket","provider_name":"registry.terraform.io/hashicorp/aws","change":{"actions":["create"],"before":null,"after":{"force_destroy":true,"region":"us-east-1","tags":{"Environment":"demo","Project":"mkdocs-demo"},"tags_all":{"Environment":"demo","Project":"mkdocs-demo"},"timeouts":null,"website":[{"error_document":"404.html","index_document":"index.html","redirect_all_requests_to":null,"routing_rules":null}]},"after_unknown":{"acceleration_status":true,"acl":true,"arn":true,"bucket":true,"bucket_domain_name":true,"bucket_prefix":true,"bucket_region":true,"bucket_regional_domain_name":true,"cors_rule":true,"grant":true,"hosted_zone_id":true,"id":true,"lifecycle_rule":true,"logging":true,"object_lock_configuration":true,"object_lock_enabled":true,"policy":true,"replication_configuration":true,"request_payer":true,"server_side_encryption_configuration":true,"tags":{},"tags_all":{},"versioning":true,"website":[{}],"website_domain":true,"website_endpoint":true},"before_sensitive":false,"after_sensitive":{"cors_rule":[],"grant":[],"lifecycle_rule":[],"logging":[],"object_lock_configuration":[],"replication_configuration":[],"server_side_encryption_configuration":[],"tags":{},"tags_all":{},"versioning":[],"website":[{}]},"after_identity":{"account_id":null,"bucket":null,"region":null}}},{"address":"aws_s3_bucket_policy.site_bucket_policy","mode":"managed","type":"aws_s3_bucket_policy","name":"site_bucket_policy","provider_name":"registry.terraform.io/hashicorp/aws","change":{"actions":["create"],"before":null,"after":{"region":"us-east-1"},"after_unknown":{"bucket":true,"id":true,"policy":true},"before_sensitive":false,"after_sensitive":{},"after_identity":{"account_id":null,"bucket":null,"region":null}}},{"address":"aws_s3_bucket_public_access_block.site_bucket","mode":"managed","type":"aws_s3_bucket_public_access_block","name":"site_bucket","provider_name":"registry.terraform.io/hashicorp/aws","change":{"actions":["create"],"before":null,"after":{"block_public_acls":false,"block_public_policy":false,"ignore_public_acls":false,"region":"us-east-1","restrict_public_buckets":false,"skip_destroy":null},"after_unknown":{"bucket":true,"id":true},"before_sensitive":false,"after_sensitive":{},"after_identity":{"account_id":null,"bucket":null,"region":null}}},{"address":"random_string.suffix","mode":"managed","type":"random_string","name":"suffix","provider_name":"registry.terraform.io/hashicorp/random","change":{"actions":["create"],"before":null,"after":{"keepers":null,"length":8,"lower":true,"min_lower":0,"min_numeric":0,"min_special":0,"min_upper":0,"number":true,"numeric":true,"override_special":null,"special":false,"upper":false},"after_unknown":{"id":true,"result":true},"before_sensitive":false,"after_sensitive":{}}}],"output_changes":{"site_bucket_name":{"actions":["create"],"before":null,"after_unknown":true,"before_sensitive":false,"after_sensitive":false},"site_bucket_website_endpoint":{"actions":["create"],"before":null,"after_unknown":true,"before_sensitive":false,"after_sensitive":false}},"configuration":{"provider_config":{"aws":{"name":"aws","full_name":"registry.terraform.io/hashicorp/aws","version_constraint":"~\u003e 6.28.0","expressions":{"region":{"references":["var.region"]}}},"random":{"name":"random","full_name":"registry.terraform.io/hashicorp/random","version_constraint":"~\u003e 3.8.0"}},"root_module":{"outputs":{"site_bucket_name":{"expression":{"references":["aws_s3_bucket.site_bucket.id","aws_s3_bucket.site_bucket"]},"description":"Name of the S3 bucket hosting the static site"},"site_bucket_website_endpoint":{"expression":{"references":["aws_s3_bucket.site_bucket.website_endpoint","aws_s3_bucket.site_bucket"]},"description":"Website endpoint of the S3 bucket"}},"resources":[{"address":"aws_s3_bucket.site_bucket","mode":"managed","type":"aws_s3_bucket","name":"site_bucket","provider_config_key":"aws","expressions":{"bucket":{"references":["var.site_bucket_name","var.site_bucket_name","random_string.suffix.result","random_string.suffix"]},"force_destroy":{"constant_value":true},"tags":{"references":["var.site_bucket_name"]},"website":[{"error_document":{"constant_value":"404.html"},"index_document":{"constant_value":"index.html"}}]},"schema_version":0},{"address":"aws_s3_bucket_policy.site_bucket_policy","mode":"managed","type":"aws_s3_bucket_policy","name":"site_bucket_policy","provider_config_key":"aws","expressions":{"bucket":{"references":["aws_s3_bucket.site_bucket.id","aws_s3_bucket.site_bucket"]},"policy":{"references":["data.aws_iam_policy_document.site_bucket_policy.json","data.aws_iam_policy_document.site_bucket_policy"]}},"schema_version":0},{"address":"aws_s3_bucket_public_access_block.site_bucket","mode":"managed","type":"aws_s3_bucket_public_access_block","name":"site_bucket","provider_config_key":"aws","expressions":{"block_public_acls":{"constant_value":false},"block_public_policy":{"constant_value":false},"bucket":{"references":["aws_s3_bucket.site_bucket.id","aws_s3_bucket.site_bucket"]},"ignore_public_acls":{"constant_value":false},"restrict_public_buckets":{"constant_value":false}},"schema_version":0},{"address":"random_string.suffix","mode":"managed","type":"random_string","name":"suffix","provider_config_key":"random","expressions":{"length":{"constant_value":8},"special":{"constant_value":false},"upper":{"constant_value":false}},"schema_version":2},{"address":"data.aws_iam_policy_document.site_bucket_policy","mode":"data","type":"aws_iam_policy_document","name":"site_bucket_policy","provider_config_key":"aws","expressions":{"statement":[{"actions":{"constant_value":["s3:GetObject"]},"effect":{"constant_value":"Allow"},"principals":[{"identifiers":{"constant_value":["*"]},"type":{"constant_value":"*"}}],"resources":{"references":["aws_s3_bucket.site_bucket.arn","aws_s3_bucket.site_bucket"]}}]},"schema_version":0}],"variables":{"region":{"default":"us-east-1","description":"AWS region to deploy resources"},"site_bucket_name":{"default":null,"description":"Name of the S3 bucket for static site hosting"}}}},"relevant_attributes":[{"resource":"data.aws_iam_policy_document.site_bucket_policy","attribute":["json"]},{"resource":"aws_s3_bucket.site_bucket","attribute":["arn"]},{"resource":"aws_s3_bucket.site_bucket","attribute":["id"]},{"resource":"random_string.suffix","attribute":["result"]},{"resource":"aws_s3_bucket.site_bucket","attribute":["website_endpoint"]}],"timestamp":"2026-01-22T20:10:01Z","applyable":true,"complete":true,"errored":false}
