{"format_version":"1.2","terraform_version":"1.13.5","variables":{"app_name":{"value":"ai-basis-demo"},"aws_region":{"value":"us-east-1"}},"planned_values":{"outputs":{"bucket_arn":{"sensitive":false},"bucket_name":{"sensitive":false}},"root_module":{"resources":[{"address":"aws_iam_policy.app_policy","mode":"managed","type":"aws_iam_policy","name":"app_policy","provider_name":"registry.terraform.io/hashicorp/aws","schema_version":0,"values":{"delay_after_policy_creation_in_ms":null,"description":"Allow app to access S3 bucket.","name":"ai-basis-demo-s3-policy","path":"/","tags":null},"sensitive_values":{"tags_all":{}},"identity_schema_version":0,"identity":{"arn":null}},{"address":"aws_iam_role.app_role","mode":"managed","type":"aws_iam_role","name":"app_role","provider_name":"registry.terraform.io/hashicorp/aws","schema_version":0,"values":{"assume_role_policy":"{\"Statement\":[{\"Action\":\"sts:AssumeRole\",\"Effect\":\"Allow\",\"Principal\":{\"Service\":\"ec2.amazonaws.com\"}}],\"Version\":\"2012-10-17\"}","description":null,"force_detach_policies":false,"max_session_duration":3600,"name":"ai-basis-demo-app-role","path":"/","permissions_boundary":null,"tags":{"Environment":"dev","Name":"ai-basis-demo"},"tags_all":{"Environment":"dev","Name":"ai-basis-demo"}},"sensitive_values":{"inline_policy":[],"managed_policy_arns":[],"tags":{},"tags_all":{}},"identity_schema_version":0,"identity":{"account_id":null,"name":null}},{"address":"aws_iam_role_policy_attachment.app_attach","mode":"managed","type":"aws_iam_role_policy_attachment","name":"app_attach","provider_name":"registry.terraform.io/hashicorp/aws","schema_version":0,"values":{"role":"ai-basis-demo-app-role"},"sensitive_values":{},"identity_schema_version":0,"identity":{"account_id":null,"policy_arn":null,"role":null}},{"address":"aws_s3_bucket.app_bucket","mode":"managed","type":"aws_s3_bucket","name":"app_bucket","provider_name":"registry.terraform.io/hashicorp/aws","schema_version":0,"values":{"bucket":"ai-basis-demo-versionedexample","force_destroy":false,"region":"us-east-1","tags":{"Environment":"dev","Name":"ai-basis-demo"},"tags_all":{"Environment":"dev","Name":"ai-basis-demo"},"timeouts":null,"versioning":[{"enabled":true,"mfa_delete":false}]},"sensitive_values":{"cors_rule":[],"grant":[],"lifecycle_rule":[],"logging":[],"object_lock_configuration":[],"replication_configuration":[],"server_side_encryption_configuration":[],"tags":{},"tags_all":{},"versioning":[{}],"website":[]},"identity_schema_version":0,"identity":{"account_id":null,"bucket":null,"region":null}}]}},"resource_changes":[{"address":"aws_iam_policy.app_policy","mode":"managed","type":"aws_iam_policy","name":"app_policy","provider_name":"registry.terraform.io/hashicorp/aws","change":{"actions":["create"],"before":null,"after":{"delay_after_policy_creation_in_ms":null,"description":"Allow app to access S3 bucket.","name":"ai-basis-demo-s3-policy","path":"/","tags":null},"after_unknown":{"arn":true,"attachment_count":true,"id":true,"name_prefix":true,"policy":true,"policy_id":true,"tags_all":true},"before_sensitive":false,"after_sensitive":{"tags_all":{}},"after_identity":{"arn":null}}},{"address":"aws_iam_role.app_role","mode":"managed","type":"aws_iam_role","name":"app_role","provider_name":"registry.terraform.io/hashicorp/aws","change":{"actions":["create"],"before":null,"after":{"assume_role_policy":"{\"Statement\":[{\"Action\":\"sts:AssumeRole\",\"Effect\":\"Allow\",\"Principal\":{\"Service\":\"ec2.amazonaws.com\"}}],\"Version\":\"2012-10-17\"}","description":null,"force_detach_policies":false,"max_session_duration":3600,"name":"ai-basis-demo-app-role","path":"/","permissions_boundary":null,"tags":{"Environment":"dev","Name":"ai-basis-demo"},"tags_all":{"Environment":"dev","Name":"ai-basis-demo"}},"after_unknown":{"arn":true,"create_date":true,"id":true,"inline_policy":true,"managed_policy_arns":true,"name_prefix":true,"tags":{},"tags_all":{},"unique_id":true},"before_sensitive":false,"after_sensitive":{"inline_policy":[],"managed_policy_arns":[],"tags":{},"tags_all":{}},"after_identity":{"account_id":null,"name":null}}},{"address":"aws_iam_role_policy_attachment.app_attach","mode":"managed","type":"aws_iam_role_policy_attachment","name":"app_attach","provider_name":"registry.terraform.io/hashicorp/aws","change":{"actions":["create"],"before":null,"after":{"role":"ai-basis-demo-app-role"},"after_unknown":{"id":true,"policy_arn":true},"before_sensitive":false,"after_sensitive":{},"after_identity":{"account_id":null,"policy_arn":null,"role":null}}},{"address":"aws_s3_bucket.app_bucket","mode":"managed","type":"aws_s3_bucket","name":"app_bucket","provider_name":"registry.terraform.io/hashicorp/aws","change":{"actions":["create"],"before":null,"after":{"bucket":"ai-basis-demo-versionedexample","force_destroy":false,"region":"us-east-1","tags":{"Environment":"dev","Name":"ai-basis-demo"},"tags_all":{"Environment":"dev","Name":"ai-basis-demo"},"timeouts":null,"versioning":[{"enabled":true,"mfa_delete":false}]},"after_unknown":{"acceleration_status":true,"acl":true,"arn":true,"bucket_domain_name":true,"bucket_prefix":true,"bucket_region":true,"bucket_regional_domain_name":true,"cors_rule":true,"grant":true,"hosted_zone_id":true,"id":true,"lifecycle_rule":true,"logging":true,"object_lock_configuration":true,"object_lock_enabled":true,"policy":true,"replication_configuration":true,"request_payer":true,"server_side_encryption_configuration":true,"tags":{},"tags_all":{},"versioning":[{}],"website":true,"website_domain":true,"website_endpoint":true},"before_sensitive":false,"after_sensitive":{"cors_rule":[],"grant":[],"lifecycle_rule":[],"logging":[],"object_lock_configuration":[],"replication_configuration":[],"server_side_encryption_configuration":[],"tags":{},"tags_all":{},"versioning":[{}],"website":[]},"after_identity":{"account_id":null,"bucket":null,"region":null}}}],"output_changes":{"bucket_arn":{"actions":["create"],"before":null,"after_unknown":true,"before_sensitive":false,"after_sensitive":false},"bucket_name":{"actions":["create"],"before":null,"after_unknown":true,"before_sensitive":false,"after_sensitive":false}},"configuration":{"provider_config":{"aws":{"name":"aws","full_name":"registry.terraform.io/hashicorp/aws","version_constraint":"\u003e= 4.0.0","expressions":{"region":{"references":["var.aws_region"]}}}},"root_module":{"outputs":{"bucket_arn":{"expression":{"references":["aws_s3_bucket.app_bucket.arn","aws_s3_bucket.app_bucket"]},"description":"The ARN of the S3 bucket."},"bucket_name":{"expression":{"references":["aws_s3_bucket.app_bucket.id","aws_s3_bucket.app_bucket"]},"description":"The name of the S3 bucket."}},"resources":[{"address":"aws_iam_policy.app_policy","mode":"managed","type":"aws_iam_policy","name":"app_policy","provider_config_key":"aws","expressions":{"description":{"constant_value":"Allow app to access S3 bucket."},"name":{"references":["var.app_name"]},"policy":{"references":["aws_s3_bucket.app_bucket.arn","aws_s3_bucket.app_bucket","aws_s3_bucket.app_bucket.arn","aws_s3_bucket.app_bucket"]}},"schema_version":0},{"address":"aws_iam_role.app_role","mode":"managed","type":"aws_iam_role","name":"app_role","provider_config_key":"aws","expressions":{"assume_role_policy":{},"name":{"references":["var.app_name"]},"tags":{"references":["var.app_name"]}},"schema_version":0},{"address":"aws_iam_role_policy_attachment.app_attach","mode":"managed","type":"aws_iam_role_policy_attachment","name":"app_attach","provider_config_key":"aws","expressions":{"policy_arn":{"references":["aws_iam_policy.app_policy.arn","aws_iam_policy.app_policy"]},"role":{"references":["aws_iam_role.app_role.name","aws_iam_role.app_role"]}},"schema_version":0},{"address":"aws_s3_bucket.app_bucket","mode":"managed","type":"aws_s3_bucket","name":"app_bucket","provider_config_key":"aws","expressions":{"bucket":{"references":["var.app_name"]},"tags":{"references":["var.app_name"]},"versioning":[{"enabled":{"constant_value":true}}]},"schema_version":0}],"variables":{"app_name":{"default":"ai-basis-demo","description":"Name of the application."},"aws_region":{"default":"us-east-1","description":"AWS region to deploy resources in."}}}},"relevant_attributes":[{"resource":"aws_iam_policy.app_policy","attribute":["arn"]},{"resource":"aws_s3_bucket.app_bucket","attribute":["arn"]},{"resource":"aws_iam_role.app_role","attribute":["name"]},{"resource":"aws_s3_bucket.app_bucket","attribute":["id"]}],"timestamp":"2026-01-23T08:24:35Z","applyable":true,"complete":true,"errored":false}
