data.aws_iam_policy_document.eks_node_assume: Reading...
data.aws_availability_zones.available: Reading...
data.aws_iam_policy_document.eks_cluster_assume: Reading...
data.aws_iam_policy_document.eks_cluster_assume: Read complete after 0s [id=3552664922]
data.aws_iam_policy_document.eks_node_assume: Read complete after 0s [id=2851119427]
data.aws_availability_zones.available: Read complete after 0s [id=us-east-1]

Terraform used the selected providers to generate the following execution
plan. Resource actions are indicated with the following symbols:
  + create
 <= read (data resources)

Terraform will perform the following actions:

  # data.aws_eks_cluster_auth.this will be read during apply
  # (depends on a resource or a module with changes pending)
 <= data "aws_eks_cluster_auth" "this" {
      + id     = (known after apply)
      + name   = "wd-prediction-dev-eks"
      + region = (known after apply)
      + token  = (sensitive value)
    }

  # data.aws_iam_policy_document.alb_controller_assume will be read during apply
  # (config refers to values not yet known)
 <= data "aws_iam_policy_document" "alb_controller_assume" {
      + id            = (known after apply)
      + json          = (known after apply)
      + minified_json = (known after apply)

      + statement {
          + actions = [
              + "sts:AssumeRoleWithWebIdentity",
            ]

          + condition {
              + test     = "StringEquals"
              + values   = [
                  + "sts.amazonaws.com",
                ]
              + variable = (known after apply)
            }
          + condition {
              + test     = "StringEquals"
              + values   = [
                  + "system:serviceaccount:kube-system:aws-load-balancer-controller",
                ]
              + variable = (known after apply)
            }

          + principals {
              + identifiers = [
                  + (known after apply),
                ]
              + type        = "Federated"
            }
        }
    }

  # data.tls_certificate.eks will be read during apply
  # (config refers to values not yet known)
 <= data "tls_certificate" "eks" {
      + certificates = (known after apply)
      + id           = (known after apply)
      + url          = (known after apply)
    }

  # aws_ecr_lifecycle_policy.app[0] will be created
  + resource "aws_ecr_lifecycle_policy" "app" {
      + id          = (known after apply)
      + policy      = jsonencode(
            {
              + rules = [
                  + {
                      + action       = {
                          + type = "expire"
                        }
                      + description  = "Keep last 30 images"
                      + rulePriority = 1
                      + selection    = {
                          + countNumber = 30
                          + countType   = "imageCountMoreThan"
                          + tagStatus   = "any"
                        }
                    },
                ]
            }
        )
      + region      = "us-east-1"
      + registry_id = (known after apply)
      + repository  = "wd-prediction"
    }

  # aws_ecr_repository.app[0] will be created
  + resource "aws_ecr_repository" "app" {
      + arn                  = (known after apply)
      + id                   = (known after apply)
      + image_tag_mutability = "MUTABLE"
      + name                 = "wd-prediction"
      + region               = "us-east-1"
      + registry_id          = (known after apply)
      + repository_url       = (known after apply)
      + tags                 = {
          + "Name" = "wd-prediction-dev-ecr"
        }
      + tags_all             = {
          + "Environment" = "dev"
          + "ManagedBy"   = "terraform"
          + "Name"        = "wd-prediction-dev-ecr"
          + "Project"     = "wd-prediction"
        }

      + encryption_configuration {
          + encryption_type = "AES256"
          + kms_key         = (known after apply)
        }

      + image_scanning_configuration {
          + scan_on_push = true
        }
    }

  # aws_eip.nat["us-east-1a"] will be created
  + resource "aws_eip" "nat" {
      + allocation_id        = (known after apply)
      + arn                  = (known after apply)
      + association_id       = (known after apply)
      + carrier_ip           = (known after apply)
      + customer_owned_ip    = (known after apply)
      + domain               = "vpc"
      + id                   = (known after apply)
      + instance             = (known after apply)
      + ipam_pool_id         = (known after apply)
      + network_border_group = (known after apply)
      + network_interface    = (known after apply)
      + private_dns          = (known after apply)
      + private_ip           = (known after apply)
      + ptr_record           = (known after apply)
      + public_dns           = (known after apply)
      + public_ip            = (known after apply)
      + public_ipv4_pool     = (known after apply)
      + region               = "us-east-1"
      + tags                 = {
          + "Name" = "wd-prediction-dev-nat-eip-us-east-1a"
        }
      + tags_all             = {
          + "Environment" = "dev"
          + "ManagedBy"   = "terraform"
          + "Name"        = "wd-prediction-dev-nat-eip-us-east-1a"
          + "Project"     = "wd-prediction"
        }
    }

  # aws_eip.nat["us-east-1b"] will be created
  + resource "aws_eip" "nat" {
      + allocation_id        = (known after apply)
      + arn                  = (known after apply)
      + association_id       = (known after apply)
      + carrier_ip           = (known after apply)
      + customer_owned_ip    = (known after apply)
      + domain               = "vpc"
      + id                   = (known after apply)
      + instance             = (known after apply)
      + ipam_pool_id         = (known after apply)
      + network_border_group = (known after apply)
      + network_interface    = (known after apply)
      + private_dns          = (known after apply)
      + private_ip           = (known after apply)
      + ptr_record           = (known after apply)
      + public_dns           = (known after apply)
      + public_ip            = (known after apply)
      + public_ipv4_pool     = (known after apply)
      + region               = "us-east-1"
      + tags                 = {
          + "Name" = "wd-prediction-dev-nat-eip-us-east-1b"
        }
      + tags_all             = {
          + "Environment" = "dev"
          + "ManagedBy"   = "terraform"
          + "Name"        = "wd-prediction-dev-nat-eip-us-east-1b"
          + "Project"     = "wd-prediction"
        }
    }

  # aws_eks_cluster.this will be created
  + resource "aws_eks_cluster" "this" {
      + arn                           = (known after apply)
      + bootstrap_self_managed_addons = true
      + certificate_authority         = (known after apply)
      + cluster_id                    = (known after apply)
      + created_at                    = (known after apply)
      + deletion_protection           = (known after apply)
      + enabled_cluster_log_types     = [
          + "api",
          + "audit",
          + "authenticator",
          + "controllerManager",
          + "scheduler",
        ]
      + endpoint                      = (known after apply)
      + id                            = (known after apply)
      + identity                      = (known after apply)
      + name                          = "wd-prediction-dev-eks"
      + platform_version              = (known after apply)
      + region                        = "us-east-1"
      + role_arn                      = (known after apply)
      + status                        = (known after apply)
      + tags                          = {
          + "Name" = "wd-prediction-dev-eks"
        }
      + tags_all                      = {
          + "Environment" = "dev"
          + "ManagedBy"   = "terraform"
          + "Name"        = "wd-prediction-dev-eks"
          + "Project"     = "wd-prediction"
        }
      + version                       = "1.29"

      + access_config (known after apply)

      + compute_config (known after apply)

      + control_plane_scaling_config (known after apply)

      + kubernetes_network_config (known after apply)

      + storage_config (known after apply)

      + upgrade_policy (known after apply)

      + vpc_config {
          + cluster_security_group_id = (known after apply)
          + endpoint_private_access   = false
          + endpoint_public_access    = true
          + public_access_cidrs       = (known after apply)
          + security_group_ids        = (known after apply)
          + subnet_ids                = (known after apply)
          + vpc_id                    = (known after apply)
        }
    }

  # aws_eks_node_group.default will be created
  + resource "aws_eks_node_group" "default" {
      + ami_type               = (known after apply)
      + arn                    = (known after apply)
      + capacity_type          = "ON_DEMAND"
      + cluster_name           = "wd-prediction-dev-eks"
      + disk_size              = (known after apply)
      + id                     = (known after apply)
      + instance_types         = [
          + "t3.medium",
        ]
      + node_group_name        = "wd-prediction-dev-ng"
      + node_group_name_prefix = (known after apply)
      + node_role_arn          = (known after apply)
      + region                 = "us-east-1"
      + release_version        = (known after apply)
      + resources              = (known after apply)
      + status                 = (known after apply)
      + subnet_ids             = (known after apply)
      + tags                   = {
          + "Name" = "wd-prediction-dev-ng"
        }
      + tags_all               = {
          + "Environment" = "dev"
          + "ManagedBy"   = "terraform"
          + "Name"        = "wd-prediction-dev-ng"
          + "Project"     = "wd-prediction"
        }
      + version                = (known after apply)

      + node_repair_config (known after apply)

      + scaling_config {
          + desired_size = 2
          + max_size     = 4
          + min_size     = 2
        }

      + update_config {
          + max_unavailable = 1
        }
    }

  # aws_iam_instance_profile.eks_node will be created
  + resource "aws_iam_instance_profile" "eks_node" {
      + arn         = (known after apply)
      + create_date = (known after apply)
      + id          = (known after apply)
      + name        = "wd-prediction-dev-eks-node-profile"
      + name_prefix = (known after apply)
      + path        = "/"
      + role        = "wd-prediction-dev-eks-node-role"
      + tags_all    = {
          + "Environment" = "dev"
          + "ManagedBy"   = "terraform"
          + "Project"     = "wd-prediction"
        }
      + unique_id   = (known after apply)
    }

  # aws_iam_openid_connect_provider.eks will be created
  + resource "aws_iam_openid_connect_provider" "eks" {
      + arn             = (known after apply)
      + client_id_list  = [
          + "sts.amazonaws.com",
        ]
      + id              = (known after apply)
      + tags            = {
          + "Name" = "wd-prediction-dev-eks-oidc"
        }
      + tags_all        = {
          + "Environment" = "dev"
          + "ManagedBy"   = "terraform"
          + "Name"        = "wd-prediction-dev-eks-oidc"
          + "Project"     = "wd-prediction"
        }
      + thumbprint_list = (known after apply)
      + url             = (known after apply)
    }

  # aws_iam_role.alb_controller will be created
  + resource "aws_iam_role" "alb_controller" {
      + arn                   = (known after apply)
      + assume_role_policy    = (known after apply)
      + create_date           = (known after apply)
      + force_detach_policies = false
      + id                    = (known after apply)
      + managed_policy_arns   = (known after apply)
      + max_session_duration  = 3600
      + name                  = "wd-prediction-dev-alb-controller"
      + name_prefix           = (known after apply)
      + path                  = "/"
      + tags_all              = {
          + "Environment" = "dev"
          + "ManagedBy"   = "terraform"
          + "Project"     = "wd-prediction"
        }
      + unique_id             = (known after apply)

      + inline_policy (known after apply)
    }

  # aws_iam_role.eks_cluster will be created
  + resource "aws_iam_role" "eks_cluster" {
      + arn                   = (known after apply)
      + assume_role_policy    = jsonencode(
            {
              + Statement = [
                  + {
                      + Action    = "sts:AssumeRole"
                      + Effect    = "Allow"
                      + Principal = {
                          + Service = "eks.amazonaws.com"
                        }
                    },
                ]
              + Version   = "2012-10-17"
            }
        )
      + create_date           = (known after apply)
      + force_detach_policies = false
      + id                    = (known after apply)
      + managed_policy_arns   = (known after apply)
      + max_session_duration  = 3600
      + name                  = "wd-prediction-dev-eks-cluster-role"
      + name_prefix           = (known after apply)
      + path                  = "/"
      + tags_all              = {
          + "Environment" = "dev"
          + "ManagedBy"   = "terraform"
          + "Project"     = "wd-prediction"
        }
      + unique_id             = (known after apply)

      + inline_policy (known after apply)
    }

  # aws_iam_role.eks_node will be created
  + resource "aws_iam_role" "eks_node" {
      + arn                   = (known after apply)
      + assume_role_policy    = jsonencode(
            {
              + Statement = [
                  + {
                      + Action    = "sts:AssumeRole"
                      + Effect    = "Allow"
                      + Principal = {
                          + Service = "ec2.amazonaws.com"
                        }
                    },
                ]
              + Version   = "2012-10-17"
            }
        )
      + create_date           = (known after apply)
      + force_detach_policies = false
      + id                    = (known after apply)
      + managed_policy_arns   = (known after apply)
      + max_session_duration  = 3600
      + name                  = "wd-prediction-dev-eks-node-role"
      + name_prefix           = (known after apply)
      + path                  = "/"
      + tags_all              = {
          + "Environment" = "dev"
          + "ManagedBy"   = "terraform"
          + "Project"     = "wd-prediction"
        }
      + unique_id             = (known after apply)

      + inline_policy (known after apply)
    }

  # aws_iam_role_policy_attachment.alb_controller will be created
  + resource "aws_iam_role_policy_attachment" "alb_controller" {
      + id         = (known after apply)
      + policy_arn = "arn:aws:iam::aws:policy/AWSLoadBalancerControllerIAMPolicy"
      + role       = "wd-prediction-dev-alb-controller"
    }

  # aws_iam_role_policy_attachment.eks_cluster_AmazonEKSClusterPolicy will be created
  + resource "aws_iam_role_policy_attachment" "eks_cluster_AmazonEKSClusterPolicy" {
      + id         = (known after apply)
      + policy_arn = "arn:aws:iam::aws:policy/AmazonEKSClusterPolicy"
      + role       = "wd-prediction-dev-eks-cluster-role"
    }

  # aws_iam_role_policy_attachment.eks_cluster_AmazonEKSServicePolicy will be created
  + resource "aws_iam_role_policy_attachment" "eks_cluster_AmazonEKSServicePolicy" {
      + id         = (known after apply)
      + policy_arn = "arn:aws:iam::aws:policy/AmazonEKSServicePolicy"
      + role       = "wd-prediction-dev-eks-cluster-role"
    }

  # aws_iam_role_policy_attachment.eks_node_AmazonEC2ContainerRegistryReadOnly will be created
  + resource "aws_iam_role_policy_attachment" "eks_node_AmazonEC2ContainerRegistryReadOnly" {
      + id         = (known after apply)
      + policy_arn = "arn:aws:iam::aws:policy/AmazonEC2ContainerRegistryReadOnly"
      + role       = "wd-prediction-dev-eks-node-role"
    }

  # aws_iam_role_policy_attachment.eks_node_AmazonEKSWorkerNodePolicy will be created
  + resource "aws_iam_role_policy_attachment" "eks_node_AmazonEKSWorkerNodePolicy" {
      + id         = (known after apply)
      + policy_arn = "arn:aws:iam::aws:policy/AmazonEKSWorkerNodePolicy"
      + role       = "wd-prediction-dev-eks-node-role"
    }

  # aws_iam_role_policy_attachment.eks_node_AmazonEKS_CNI_Policy will be created
  + resource "aws_iam_role_policy_attachment" "eks_node_AmazonEKS_CNI_Policy" {
      + id         = (known after apply)
      + policy_arn = "arn:aws:iam::aws:policy/AmazonEKS_CNI_Policy"
      + role       = "wd-prediction-dev-eks-node-role"
    }

  # aws_internet_gateway.this will be created
  + resource "aws_internet_gateway" "this" {
      + arn      = (known after apply)
      + id       = (known after apply)
      + owner_id = (known after apply)
      + region   = "us-east-1"
      + tags     = {
          + "Name" = "wd-prediction-dev-igw"
        }
      + tags_all = {
          + "Environment" = "dev"
          + "ManagedBy"   = "terraform"
          + "Name"        = "wd-prediction-dev-igw"
          + "Project"     = "wd-prediction"
        }
      + vpc_id   = (known after apply)
    }

  # aws_nat_gateway.this["us-east-1a"] will be created
  + resource "aws_nat_gateway" "this" {
      + allocation_id                      = (known after apply)
      + association_id                     = (known after apply)
      + auto_provision_zones               = (known after apply)
      + auto_scaling_ips                   = (known after apply)
      + availability_mode                  = (known after apply)
      + connectivity_type                  = "public"
      + id                                 = (known after apply)
      + network_interface_id               = (known after apply)
      + private_ip                         = (known after apply)
      + public_ip                          = (known after apply)
      + region                             = "us-east-1"
      + regional_nat_gateway_address       = (known after apply)
      + regional_nat_gateway_auto_mode     = (known after apply)
      + route_table_id                     = (known after apply)
      + secondary_allocation_ids           = (known after apply)
      + secondary_private_ip_address_count = (known after apply)
      + secondary_private_ip_addresses     = (known after apply)
      + subnet_id                          = (known after apply)
      + tags                               = {
          + "Name" = "wd-prediction-dev-nat-us-east-1a"
        }
      + tags_all                           = {
          + "Environment" = "dev"
          + "ManagedBy"   = "terraform"
          + "Name"        = "wd-prediction-dev-nat-us-east-1a"
          + "Project"     = "wd-prediction"
        }
      + vpc_id                             = (known after apply)
    }

  # aws_nat_gateway.this["us-east-1b"] will be created
  + resource "aws_nat_gateway" "this" {
      + allocation_id                      = (known after apply)
      + association_id                     = (known after apply)
      + auto_provision_zones               = (known after apply)
      + auto_scaling_ips                   = (known after apply)
      + availability_mode                  = (known after apply)
      + connectivity_type                  = "public"
      + id                                 = (known after apply)
      + network_interface_id               = (known after apply)
      + private_ip                         = (known after apply)
      + public_ip                          = (known after apply)
      + region                             = "us-east-1"
      + regional_nat_gateway_address       = (known after apply)
      + regional_nat_gateway_auto_mode     = (known after apply)
      + route_table_id                     = (known after apply)
      + secondary_allocation_ids           = (known after apply)
      + secondary_private_ip_address_count = (known after apply)
      + secondary_private_ip_addresses     = (known after apply)
      + subnet_id                          = (known after apply)
      + tags                               = {
          + "Name" = "wd-prediction-dev-nat-us-east-1b"
        }
      + tags_all                           = {
          + "Environment" = "dev"
          + "ManagedBy"   = "terraform"
          + "Name"        = "wd-prediction-dev-nat-us-east-1b"
          + "Project"     = "wd-prediction"
        }
      + vpc_id                             = (known after apply)
    }

  # aws_route.private_nat["us-east-1a"] will be created
  + resource "aws_route" "private_nat" {
      + destination_cidr_block = "0.0.0.0/0"
      + id                     = (known after apply)
      + instance_id            = (known after apply)
      + instance_owner_id      = (known after apply)
      + nat_gateway_id         = (known after apply)
      + network_interface_id   = (known after apply)
      + origin                 = (known after apply)
      + region                 = "us-east-1"
      + route_table_id         = (known after apply)
      + state                  = (known after apply)
    }

  # aws_route.private_nat["us-east-1b"] will be created
  + resource "aws_route" "private_nat" {
      + destination_cidr_block = "0.0.0.0/0"
      + id                     = (known after apply)
      + instance_id            = (known after apply)
      + instance_owner_id      = (known after apply)
      + nat_gateway_id         = (known after apply)
      + network_interface_id   = (known after apply)
      + origin                 = (known after apply)
      + region                 = "us-east-1"
      + route_table_id         = (known after apply)
      + state                  = (known after apply)
    }

  # aws_route.public_internet will be created
  + resource "aws_route" "public_internet" {
      + destination_cidr_block = "0.0.0.0/0"
      + gateway_id             = (known after apply)
      + id                     = (known after apply)
      + instance_id            = (known after apply)
      + instance_owner_id      = (known after apply)
      + network_interface_id   = (known after apply)
      + origin                 = (known after apply)
      + region                 = "us-east-1"
      + route_table_id         = (known after apply)
      + state                  = (known after apply)
    }

  # aws_route_table.private["us-east-1a"] will be created
  + resource "aws_route_table" "private" {
      + arn              = (known after apply)
      + id               = (known after apply)
      + owner_id         = (known after apply)
      + propagating_vgws = (known after apply)
      + region           = "us-east-1"
      + route            = (known after apply)
      + tags             = {
          + "Name" = "wd-prediction-dev-private-rt-us-east-1a"
        }
      + tags_all         = {
          + "Environment" = "dev"
          + "ManagedBy"   = "terraform"
          + "Name"        = "wd-prediction-dev-private-rt-us-east-1a"
          + "Project"     = "wd-prediction"
        }
      + vpc_id           = (known after apply)
    }

  # aws_route_table.private["us-east-1b"] will be created
  + resource "aws_route_table" "private" {
      + arn              = (known after apply)
      + id               = (known after apply)
      + owner_id         = (known after apply)
      + propagating_vgws = (known after apply)
      + region           = "us-east-1"
      + route            = (known after apply)
      + tags             = {
          + "Name" = "wd-prediction-dev-private-rt-us-east-1b"
        }
      + tags_all         = {
          + "Environment" = "dev"
          + "ManagedBy"   = "terraform"
          + "Name"        = "wd-prediction-dev-private-rt-us-east-1b"
          + "Project"     = "wd-prediction"
        }
      + vpc_id           = (known after apply)
    }

  # aws_route_table.public will be created
  + resource "aws_route_table" "public" {
      + arn              = (known after apply)
      + id               = (known after apply)
      + owner_id         = (known after apply)
      + propagating_vgws = (known after apply)
      + region           = "us-east-1"
      + route            = (known after apply)
      + tags             = {
          + "Name" = "wd-prediction-dev-public-rt"
        }
      + tags_all         = {
          + "Environment" = "dev"
          + "ManagedBy"   = "terraform"
          + "Name"        = "wd-prediction-dev-public-rt"
          + "Project"     = "wd-prediction"
        }
      + vpc_id           = (known after apply)
    }

  # aws_route_table_association.private["us-east-1a"] will be created
  + resource "aws_route_table_association" "private" {
      + id             = (known after apply)
      + region         = "us-east-1"
      + route_table_id = (known after apply)
      + subnet_id      = (known after apply)
    }

  # aws_route_table_association.private["us-east-1b"] will be created
  + resource "aws_route_table_association" "private" {
      + id             = (known after apply)
      + region         = "us-east-1"
      + route_table_id = (known after apply)
      + subnet_id      = (known after apply)
    }

  # aws_route_table_association.public["us-east-1a"] will be created
  + resource "aws_route_table_association" "public" {
      + id             = (known after apply)
      + region         = "us-east-1"
      + route_table_id = (known after apply)
      + subnet_id      = (known after apply)
    }

  # aws_route_table_association.public["us-east-1b"] will be created
  + resource "aws_route_table_association" "public" {
      + id             = (known after apply)
      + region         = "us-east-1"
      + route_table_id = (known after apply)
      + subnet_id      = (known after apply)
    }

  # aws_security_group.eks_cluster will be created
  + resource "aws_security_group" "eks_cluster" {
      + arn                    = (known after apply)
      + description            = "EKS cluster security group"
      + egress                 = [
          + {
              + cidr_blocks      = [
                  + "0.0.0.0/0",
                ]
              + from_port        = 0
              + ipv6_cidr_blocks = []
              + prefix_list_ids  = []
              + protocol         = "-1"
              + security_groups  = []
              + self             = false
              + to_port          = 0
                # (1 unchanged attribute hidden)
            },
        ]
      + id                     = (known after apply)
      + ingress                = (known after apply)
      + name                   = "wd-prediction-dev-eks-cluster-sg"
      + name_prefix            = (known after apply)
      + owner_id               = (known after apply)
      + region                 = "us-east-1"
      + revoke_rules_on_delete = false
      + tags                   = {
          + "Name" = "wd-prediction-dev-eks-cluster-sg"
        }
      + tags_all               = {
          + "Environment" = "dev"
          + "ManagedBy"   = "terraform"
          + "Name"        = "wd-prediction-dev-eks-cluster-sg"
          + "Project"     = "wd-prediction"
        }
      + vpc_id                 = (known after apply)
    }

  # aws_security_group.eks_nodes will be created
  + resource "aws_security_group" "eks_nodes" {
      + arn                    = (known after apply)
      + description            = "EKS worker nodes security group"
      + egress                 = [
          + {
              + cidr_blocks      = [
                  + "0.0.0.0/0",
                ]
              + from_port        = 0
              + ipv6_cidr_blocks = []
              + prefix_list_ids  = []
              + protocol         = "-1"
              + security_groups  = []
              + self             = false
              + to_port          = 0
                # (1 unchanged attribute hidden)
            },
        ]
      + id                     = (known after apply)
      + ingress                = [
          + {
              + cidr_blocks      = []
              + description      = "Control plane to nodes"
              + from_port        = 0
              + ipv6_cidr_blocks = []
              + prefix_list_ids  = []
              + protocol         = "-1"
              + security_groups  = (known after apply)
              + self             = false
              + to_port          = 0
            },
          + {
              + cidr_blocks      = []
              + description      = "Node to node"
              + from_port        = 0
              + ipv6_cidr_blocks = []
              + prefix_list_ids  = []
              + protocol         = "-1"
              + security_groups  = []
              + self             = true
              + to_port          = 0
            },
        ]
      + name                   = "wd-prediction-dev-eks-nodes-sg"
      + name_prefix            = (known after apply)
      + owner_id               = (known after apply)
      + region                 = "us-east-1"
      + revoke_rules_on_delete = false
      + tags                   = {
          + "Name" = "wd-prediction-dev-eks-nodes-sg"
        }
      + tags_all               = {
          + "Environment" = "dev"
          + "ManagedBy"   = "terraform"
          + "Name"        = "wd-prediction-dev-eks-nodes-sg"
          + "Project"     = "wd-prediction"
        }
      + vpc_id                 = (known after apply)
    }

  # aws_subnet.private["us-east-1a"] will be created
  + resource "aws_subnet" "private" {
      + arn                                            = (known after apply)
      + assign_ipv6_address_on_creation                = false
      + availability_zone                              = "us-east-1a"
      + availability_zone_id                           = (known after apply)
      + cidr_block                                     = "10.0.10.0/24"
      + enable_dns64                                   = false
      + enable_resource_name_dns_a_record_on_launch    = false
      + enable_resource_name_dns_aaaa_record_on_launch = false
      + id                                             = (known after apply)
      + ipv6_cidr_block_association_id                 = (known after apply)
      + ipv6_native                                    = false
      + map_public_ip_on_launch                        = false
      + owner_id                                       = (known after apply)
      + private_dns_hostname_type_on_launch            = (known after apply)
      + region                                         = "us-east-1"
      + tags                                           = {
          + "Name"                            = "wd-prediction-dev-private-us-east-1a"
          + "kubernetes.io/role/internal-elb" = "1"
        }
      + tags_all                                       = {
          + "Environment"                     = "dev"
          + "ManagedBy"                       = "terraform"
          + "Name"                            = "wd-prediction-dev-private-us-east-1a"
          + "Project"                         = "wd-prediction"
          + "kubernetes.io/role/internal-elb" = "1"
        }
      + vpc_id                                         = (known after apply)
    }

  # aws_subnet.private["us-east-1b"] will be created
  + resource "aws_subnet" "private" {
      + arn                                            = (known after apply)
      + assign_ipv6_address_on_creation                = false
      + availability_zone                              = "us-east-1b"
      + availability_zone_id                           = (known after apply)
      + cidr_block                                     = "10.0.11.0/24"
      + enable_dns64                                   = false
      + enable_resource_name_dns_a_record_on_launch    = false
      + enable_resource_name_dns_aaaa_record_on_launch = false
      + id                                             = (known after apply)
      + ipv6_cidr_block_association_id                 = (known after apply)
      + ipv6_native                                    = false
      + map_public_ip_on_launch                        = false
      + owner_id                                       = (known after apply)
      + private_dns_hostname_type_on_launch            = (known after apply)
      + region                                         = "us-east-1"
      + tags                                           = {
          + "Name"                            = "wd-prediction-dev-private-us-east-1b"
          + "kubernetes.io/role/internal-elb" = "1"
        }
      + tags_all                                       = {
          + "Environment"                     = "dev"
          + "ManagedBy"                       = "terraform"
          + "Name"                            = "wd-prediction-dev-private-us-east-1b"
          + "Project"                         = "wd-prediction"
          + "kubernetes.io/role/internal-elb" = "1"
        }
      + vpc_id                                         = (known after apply)
    }

  # aws_subnet.public["us-east-1a"] will be created
  + resource "aws_subnet" "public" {
      + arn                                            = (known after apply)
      + assign_ipv6_address_on_creation                = false
      + availability_zone                              = "us-east-1a"
      + availability_zone_id                           = (known after apply)
      + cidr_block                                     = "10.0.0.0/24"
      + enable_dns64                                   = false
      + enable_resource_name_dns_a_record_on_launch    = false
      + enable_resource_name_dns_aaaa_record_on_launch = false
      + id                                             = (known after apply)
      + ipv6_cidr_block_association_id                 = (known after apply)
      + ipv6_native                                    = false
      + map_public_ip_on_launch                        = true
      + owner_id                                       = (known after apply)
      + private_dns_hostname_type_on_launch            = (known after apply)
      + region                                         = "us-east-1"
      + tags                                           = {
          + "Name"                   = "wd-prediction-dev-public-us-east-1a"
          + "kubernetes.io/role/elb" = "1"
        }
      + tags_all                                       = {
          + "Environment"            = "dev"
          + "ManagedBy"              = "terraform"
          + "Name"                   = "wd-prediction-dev-public-us-east-1a"
          + "Project"                = "wd-prediction"
          + "kubernetes.io/role/elb" = "1"
        }
      + vpc_id                                         = (known after apply)
    }

  # aws_subnet.public["us-east-1b"] will be created
  + resource "aws_subnet" "public" {
      + arn                                            = (known after apply)
      + assign_ipv6_address_on_creation                = false
      + availability_zone                              = "us-east-1b"
      + availability_zone_id                           = (known after apply)
      + cidr_block                                     = "10.0.1.0/24"
      + enable_dns64                                   = false
      + enable_resource_name_dns_a_record_on_launch    = false
      + enable_resource_name_dns_aaaa_record_on_launch = false
      + id                                             = (known after apply)
      + ipv6_cidr_block_association_id                 = (known after apply)
      + ipv6_native                                    = false
      + map_public_ip_on_launch                        = true
      + owner_id                                       = (known after apply)
      + private_dns_hostname_type_on_launch            = (known after apply)
      + region                                         = "us-east-1"
      + tags                                           = {
          + "Name"                   = "wd-prediction-dev-public-us-east-1b"
          + "kubernetes.io/role/elb" = "1"
        }
      + tags_all                                       = {
          + "Environment"            = "dev"
          + "ManagedBy"              = "terraform"
          + "Name"                   = "wd-prediction-dev-public-us-east-1b"
          + "Project"                = "wd-prediction"
          + "kubernetes.io/role/elb" = "1"
        }
      + vpc_id                                         = (known after apply)
    }

  # aws_vpc.this will be created
  + resource "aws_vpc" "this" {
      + arn                                  = (known after apply)
      + cidr_block                           = "10.0.0.0/16"
      + default_network_acl_id               = (known after apply)
      + default_route_table_id               = (known after apply)
      + default_security_group_id            = (known after apply)
      + dhcp_options_id                      = (known after apply)
      + enable_dns_hostnames                 = true
      + enable_dns_support                   = true
      + enable_network_address_usage_metrics = (known after apply)
      + id                                   = (known after apply)
      + instance_tenancy                     = "default"
      + ipv6_association_id                  = (known after apply)
      + ipv6_cidr_block                      = (known after apply)
      + ipv6_cidr_block_network_border_group = (known after apply)
      + main_route_table_id                  = (known after apply)
      + owner_id                             = (known after apply)
      + region                               = "us-east-1"
      + tags                                 = {
          + "Name" = "wd-prediction-dev"
        }
      + tags_all                             = {
          + "Environment" = "dev"
          + "ManagedBy"   = "terraform"
          + "Name"        = "wd-prediction-dev"
          + "Project"     = "wd-prediction"
        }
    }

  # helm_release.aws_load_balancer_controller will be created
  + resource "helm_release" "aws_load_balancer_controller" {
      + atomic                     = false
      + chart                      = "aws-load-balancer-controller"
      + cleanup_on_fail            = false
      + create_namespace           = false
      + dependency_update          = false
      + disable_crd_hooks          = false
      + disable_openapi_validation = false
      + disable_webhooks           = false
      + force_update               = false
      + id                         = (known after apply)
      + lint                       = false
      + max_history                = 0
      + metadata                   = (known after apply)
      + name                       = "aws-load-balancer-controller"
      + namespace                  = "kube-system"
      + pass_credentials           = false
      + recreate_pods              = false
      + render_subchart_notes      = true
      + replace                    = false
      + repository                 = "https://aws.github.io/eks-charts"
      + reset_values               = false
      + reuse_values               = false
      + set_wo                     = (write-only attribute)
      + skip_crds                  = false
      + status                     = "deployed"
      + take_ownership             = false
      + timeout                    = 300
      + upgrade_install            = false
      + values                     = [
          + (known after apply),
        ]
      + verify                     = false
      + version                    = "1.17.1"
      + wait                       = true
      + wait_for_jobs              = false
    }

  # kubernetes_deployment_v1.app will be created
  + resource "kubernetes_deployment_v1" "app" {
      + id               = (known after apply)
      + wait_for_rollout = true

      + metadata {
          + generation       = (known after apply)
          + labels           = {
              + "app" = "wd-prediction"
            }
          + name             = "wd-prediction"
          + namespace        = "wd-prediction"
          + resource_version = (known after apply)
          + uid              = (known after apply)
        }

      + spec {
          + min_ready_seconds         = 0
          + paused                    = false
          + progress_deadline_seconds = 600
          + replicas                  = "6"
          + revision_history_limit    = 10

          + selector {
              + match_labels = {
                  + "app" = "wd-prediction"
                }
            }

          + strategy (known after apply)

          + template {
              + metadata {
                  + generation       = (known after apply)
                  + labels           = {
                      + "app" = "wd-prediction"
                    }
                  + name             = (known after apply)
                  + resource_version = (known after apply)
                  + uid              = (known after apply)
                }
              + spec {
                  + automount_service_account_token  = true
                  + dns_policy                       = "ClusterFirst"
                  + enable_service_links             = true
                  + host_ipc                         = false
                  + host_network                     = false
                  + host_pid                         = false
                  + hostname                         = (known after apply)
                  + node_name                        = (known after apply)
                  + restart_policy                   = "Always"
                  + scheduler_name                   = (known after apply)
                  + service_account_name             = (known after apply)
                  + share_process_namespace          = false
                  + termination_grace_period_seconds = 30

                  + container {
                      + image                      = "yash5090/wd-prediction:latest"
                      + image_pull_policy          = "Always"
                      + name                       = "wd-prediction"
                      + restart_policy             = (known after apply)
                      + stdin                      = false
                      + stdin_once                 = false
                      + termination_message_path   = "/dev/termination-log"
                      + termination_message_policy = (known after apply)
                      + tty                        = false

                      + liveness_probe {
                          + failure_threshold     = 3
                          + initial_delay_seconds = 10
                          + period_seconds        = 10
                          + success_threshold     = 1
                          + timeout_seconds       = 1

                          + http_get {
                              + path   = "/"
                              + port   = "5000"
                              + scheme = "HTTP"
                            }
                        }

                      + port {
                          + container_port = 5000
                          + protocol       = "TCP"
                        }

                      + readiness_probe {
                          + failure_threshold     = 3
                          + initial_delay_seconds = 5
                          + period_seconds        = 5
                          + success_threshold     = 1
                          + timeout_seconds       = 1

                          + http_get {
                              + path   = "/"
                              + port   = "5000"
                              + scheme = "HTTP"
                            }
                        }

                      + resources {
                          + limits   = {
                              + "cpu"    = "250m"
                              + "memory" = "256Mi"
                            }
                          + requests = {
                              + "cpu"    = "50m"
                              + "memory" = "64Mi"
                            }
                        }
                    }

                  + image_pull_secrets (known after apply)

                  + readiness_gate (known after apply)
                }
            }
        }
    }

  # kubernetes_ingress_v1.app will be created
  + resource "kubernetes_ingress_v1" "app" {
      + id     = (known after apply)
      + status = (known after apply)

      + metadata {
          + annotations      = {
              + "alb.ingress.kubernetes.io/listen-ports" = jsonencode(
                    [
                      + {
                          + HTTP = 80
                        },
                    ]
                )
              + "alb.ingress.kubernetes.io/scheme"       = "internet-facing"
              + "alb.ingress.kubernetes.io/target-type"  = "ip"
              + "kubernetes.io/ingress.class"            = "alb"
            }
          + generation       = (known after apply)
          + name             = "wd-prediction"
          + namespace        = "wd-prediction"
          + resource_version = (known after apply)
          + uid              = (known after apply)
        }

      + spec {
          + ingress_class_name = (known after apply)

          + rule {
              + http {
                  + path {
                      + path      = "/"
                      + path_type = "Prefix"

                      + backend {
                          + service {
                              + name = "wd-prediction"

                              + port {
                                  + number = 5000
                                }
                            }
                        }
                    }
                }
            }
        }
    }

  # kubernetes_namespace_v1.app will be created
  + resource "kubernetes_namespace_v1" "app" {
      + id                               = (known after apply)
      + wait_for_default_service_account = false

      + metadata {
          + generation       = (known after apply)
          + name             = "wd-prediction"
          + resource_version = (known after apply)
          + uid              = (known after apply)
        }
    }

  # kubernetes_service_account_v1.alb_controller will be created
  + resource "kubernetes_service_account_v1" "alb_controller" {
      + automount_service_account_token = true
      + default_secret_name             = (known after apply)
      + id                              = (known after apply)

      + metadata {
          + annotations      = (known after apply)
          + generation       = (known after apply)
          + labels           = {
              + "app.kubernetes.io/name" = "aws-load-balancer-controller"
            }
          + name             = "aws-load-balancer-controller"
          + namespace        = "kube-system"
          + resource_version = (known after apply)
          + uid              = (known after apply)
        }
    }

  # kubernetes_service_v1.app will be created
  + resource "kubernetes_service_v1" "app" {
      + id                     = (known after apply)
      + status                 = (known after apply)
      + wait_for_load_balancer = true

      + metadata {
          + generation       = (known after apply)
          + labels           = {
              + "app" = "wd-prediction"
            }
          + name             = "wd-prediction"
          + namespace        = "wd-prediction"
          + resource_version = (known after apply)
          + uid              = (known after apply)
        }

      + spec {
          + allocate_load_balancer_node_ports = true
          + cluster_ip                        = (known after apply)
          + cluster_ips                       = (known after apply)
          + external_traffic_policy           = (known after apply)
          + health_check_node_port            = (known after apply)
          + internal_traffic_policy           = (known after apply)
          + ip_families                       = (known after apply)
          + ip_family_policy                  = (known after apply)
          + publish_not_ready_addresses       = false
          + selector                          = {
              + "app" = "wd-prediction"
            }
          + session_affinity                  = "None"
          + type                              = "ClusterIP"

          + port {
              + node_port   = (known after apply)
              + port        = 5000
              + protocol    = "TCP"
              + target_port = "5000"
            }

          + session_affinity_config (known after apply)
        }
    }

Plan: 43 to add, 0 to change, 0 to destroy.

Changes to Outputs:
  + app_ingress_hostname = (known after apply)
  + ecr_repository_url   = (known after apply)
  + eks_cluster_endpoint = (known after apply)
  + eks_cluster_name     = "wd-prediction-dev-eks"
  + vpc_id               = (known after apply)
aws_vpc.this: Creating...
aws_ecr_repository.app[0]: Creating...
aws_iam_role.eks_node: Creating...
aws_iam_role.eks_cluster: Creating...
aws_iam_role.eks_cluster: Creation complete after 0s [id=wd-prediction-dev-eks-cluster-role]
aws_iam_role_policy_attachment.eks_cluster_AmazonEKSServicePolicy: Creating...
aws_iam_role_policy_attachment.eks_cluster_AmazonEKSClusterPolicy: Creating...
aws_iam_role.eks_node: Creation complete after 0s [id=wd-prediction-dev-eks-node-role]
aws_iam_role_policy_attachment.eks_cluster_AmazonEKSClusterPolicy: Creation complete after 0s [id=wd-prediction-dev-eks-cluster-role/arn:aws:iam::aws:policy/AmazonEKSClusterPolicy]
aws_iam_role_policy_attachment.eks_cluster_AmazonEKSServicePolicy: Creation complete after 0s [id=wd-prediction-dev-eks-cluster-role/arn:aws:iam::aws:policy/AmazonEKSServicePolicy]
aws_iam_role_policy_attachment.eks_node_AmazonEKSWorkerNodePolicy: Creating...
aws_iam_role_policy_attachment.eks_node_AmazonEKS_CNI_Policy: Creating...
aws_iam_role_policy_attachment.eks_node_AmazonEC2ContainerRegistryReadOnly: Creating...
aws_iam_instance_profile.eks_node: Creating...
aws_iam_role_policy_attachment.eks_node_AmazonEKS_CNI_Policy: Creation complete after 0s [id=wd-prediction-dev-eks-node-role/arn:aws:iam::aws:policy/AmazonEKS_CNI_Policy]
aws_iam_role_policy_attachment.eks_node_AmazonEC2ContainerRegistryReadOnly: Creation complete after 0s [id=wd-prediction-dev-eks-node-role/arn:aws:iam::aws:policy/AmazonEC2ContainerRegistryReadOnly]
aws_iam_role_policy_attachment.eks_node_AmazonEKSWorkerNodePolicy: Creation complete after 0s [id=wd-prediction-dev-eks-node-role/arn:aws:iam::aws:policy/AmazonEKSWorkerNodePolicy]
aws_ecr_repository.app[0]: Creation complete after 3s [id=wd-prediction]
aws_ecr_lifecycle_policy.app[0]: Creating...
aws_ecr_lifecycle_policy.app[0]: Creation complete after 0s [id=wd-prediction]
aws_iam_instance_profile.eks_node: Creation complete after 6s [id=wd-prediction-dev-eks-node-profile]
aws_vpc.this: Still creating... [00m10s elapsed]
aws_vpc.this: Creation complete after 10s [id=vpc-8e3cfef70a5da8f31]
aws_internet_gateway.this: Creating...
aws_route_table.public: Creating...
aws_subnet.private["us-east-1a"]: Creating...
aws_subnet.public["us-east-1b"]: Creating...
aws_subnet.public["us-east-1a"]: Creating...
aws_subnet.private["us-east-1b"]: Creating...
aws_security_group.eks_cluster: Creating...
aws_subnet.private["us-east-1a"]: Creation complete after 0s [id=subnet-84cbc1c2694fcdc69]
aws_subnet.private["us-east-1b"]: Creation complete after 0s [id=subnet-135508c17218ae27c]
aws_route_table.private["us-east-1a"]: Creating...
aws_route_table.private["us-east-1b"]: Creating...
aws_internet_gateway.this: Creation complete after 0s [id=igw-20cf685635b3aa7b1]
aws_route_table.public: Creation complete after 0s [id=rtb-85ee6e60d2aa5048a]
aws_route.public_internet: Creating...
aws_route_table.private["us-east-1b"]: Creation complete after 0s [id=rtb-bd9902ab8de56e9e4]
aws_route_table.private["us-east-1a"]: Creation complete after 0s [id=rtb-844516de1b792e7ef]
aws_route_table_association.private["us-east-1b"]: Creating...
aws_route_table_association.private["us-east-1a"]: Creating...
aws_route_table_association.private["us-east-1a"]: Creation complete after 0s [id=rtbassoc-7c94bad24f6b9190b]
aws_route_table_association.private["us-east-1b"]: Creation complete after 0s [id=rtbassoc-451e8fd9e75abe47f]
aws_route.public_internet: Creation complete after 0s [id=r-rtb-85ee6e60d2aa5048a1080289494]
aws_security_group.eks_cluster: Creation complete after 0s [id=sg-6e44afdad87e82fd8]
aws_security_group.eks_nodes: Creating...
aws_security_group.eks_nodes: Creation complete after 1s [id=sg-90fef8f680ece4bdf]
aws_subnet.public["us-east-1a"]: Still creating... [00m10s elapsed]
aws_subnet.public["us-east-1b"]: Still creating... [00m10s elapsed]
aws_subnet.public["us-east-1b"]: Creation complete after 10s [id=subnet-c5d3f4429276e5518]
aws_subnet.public["us-east-1a"]: Creation complete after 10s [id=subnet-02587fcaa53ca18c7]
aws_route_table_association.public["us-east-1b"]: Creating...
aws_route_table_association.public["us-east-1a"]: Creating...
aws_eip.nat["us-east-1a"]: Creating...
aws_eip.nat["us-east-1b"]: Creating...
aws_eks_cluster.this: Creating...
aws_route_table_association.public["us-east-1a"]: Creation complete after 0s [id=rtbassoc-627f678f72fd0f179]
aws_route_table_association.public["us-east-1b"]: Creation complete after 0s [id=rtbassoc-88dac61dfee9474ec]
aws_eip.nat["us-east-1b"]: Creation complete after 0s [id=eipalloc-41539d5af7c5f5209]
aws_eip.nat["us-east-1a"]: Creation complete after 0s [id=eipalloc-8054fdee0838eb781]
aws_nat_gateway.this["us-east-1b"]: Creating...
aws_nat_gateway.this["us-east-1a"]: Creating...
aws_nat_gateway.this["us-east-1a"]: Creation complete after 1s [id=nat-d747211f06133c500]
aws_nat_gateway.this["us-east-1b"]: Creation complete after 1s [id=nat-fe21b9d7a52caeb43]
aws_route.private_nat["us-east-1b"]: Creating...
aws_route.private_nat["us-east-1a"]: Creating...
aws_route.private_nat["us-east-1b"]: Creation complete after 0s [id=r-rtb-bd9902ab8de56e9e41080289494]
aws_route.private_nat["us-east-1a"]: Creation complete after 0s [id=r-rtb-844516de1b792e7ef1080289494]
aws_eks_cluster.this: Still creating... [00m10s elapsed]
aws_eks_cluster.this: Still creating... [00m20s elapsed]
aws_eks_cluster.this: Still creating... [00m30s elapsed]
aws_eks_cluster.this: Still creating... [00m40s elapsed]
aws_eks_cluster.this: Still creating... [00m50s elapsed]
aws_eks_cluster.this: Still creating... [01m00s elapsed]
aws_eks_cluster.this: Still creating... [01m10s elapsed]
aws_eks_cluster.this: Still creating... [01m20s elapsed]
aws_eks_cluster.this: Still creating... [01m30s elapsed]
aws_eks_cluster.this: Still creating... [01m40s elapsed]
aws_eks_cluster.this: Still creating... [01m50s elapsed]
aws_eks_cluster.this: Still creating... [02m00s elapsed]
aws_eks_cluster.this: Still creating... [02m10s elapsed]
aws_eks_cluster.this: Still creating... [02m20s elapsed]
aws_eks_cluster.this: Still creating... [02m30s elapsed]
aws_eks_cluster.this: Still creating... [02m40s elapsed]
aws_eks_cluster.this: Still creating... [02m50s elapsed]
aws_eks_cluster.this: Still creating... [03m00s elapsed]
