{"format_version":"1.2","terraform_version":"1.13.5","variables":{"app_container_port":{"value":5000},"app_image":{"value":"yash5090/wd-prediction:latest"},"app_namespace":{"value":"wd-prediction"},"app_replicas":{"value":6},"aws_region":{"value":"us-east-1"},"az_count":{"value":2},"cluster_version":{"value":"1.29"},"ecr_repository_name":{"value":"wd-prediction"},"enable_ecr":{"value":true},"environment":{"value":"dev"},"node_desired_size":{"value":2},"node_instance_types":{"value":["t3.medium"]},"node_max_size":{"value":4},"node_min_size":{"value":2},"project_name":{"value":"wd-prediction"},"service_port":{"value":5000},"tags":{"value":{}},"vpc_cidr":{"value":"10.0.0.0/16"}},"planned_values":{"outputs":{"app_ingress_hostname":{"sensitive":false},"ecr_repository_url":{"sensitive":false},"eks_cluster_endpoint":{"sensitive":false},"eks_cluster_name":{"sensitive":false,"type":"string","value":"wd-prediction-dev-eks"},"vpc_id":{"sensitive":false}},"root_module":{"resources":[{"address":"aws_ecr_lifecycle_policy.app[0]","mode":"managed","type":"aws_ecr_lifecycle_policy","name":"app","index":0,"provider_name":"registry.terraform.io/hashicorp/aws","schema_version":0,"values":{"policy":"{\"rules\":[{\"action\":{\"type\":\"expire\"},\"description\":\"Keep last 30 images\",\"rulePriority\":1,\"selection\":{\"countNumber\":30,\"countType\":\"imageCountMoreThan\",\"tagStatus\":\"any\"}}]}","region":"us-east-1","repository":"wd-prediction"},"sensitive_values":{},"identity_schema_version":0,"identity":{"account_id":null,"region":null,"repository":null}},{"address":"aws_ecr_repository.app[0]","mode":"managed","type":"aws_ecr_repository","name":"app","index":0,"provider_name":"registry.terraform.io/hashicorp/aws","schema_version":0,"values":{"encryption_configuration":[{"encryption_type":"AES256"}],"force_delete":null,"image_scanning_configuration":[{"scan_on_push":true}],"image_tag_mutability":"MUTABLE","image_tag_mutability_exclusion_filter":[],"name":"wd-prediction","region":"us-east-1","tags":{"Name":"wd-prediction-dev-ecr"},"tags_all":{"Environment":"dev","ManagedBy":"terraform","Name":"wd-prediction-dev-ecr","Project":"wd-prediction"},"timeouts":null},"sensitive_values":{"encryption_configuration":[{}],"image_scanning_configuration":[{}],"image_tag_mutability_exclusion_filter":[],"tags":{},"tags_all":{}},"identity_schema_version":0,"identity":{"account_id":null,"name":null,"region":null}},{"address":"aws_eip.nat[\"us-east-1a\"]","mode":"managed","type":"aws_eip","name":"nat","index":"us-east-1a","provider_name":"registry.terraform.io/hashicorp/aws","schema_version":0,"values":{"address":null,"associate_with_private_ip":null,"customer_owned_ipv4_pool":null,"domain":"vpc","region":"us-east-1","tags":{"Name":"wd-prediction-dev-nat-eip-us-east-1a"},"tags_all":{"Environment":"dev","ManagedBy":"terraform","Name":"wd-prediction-dev-nat-eip-us-east-1a","Project":"wd-prediction"},"timeouts":null},"sensitive_values":{"tags":{},"tags_all":{}}},{"address":"aws_eip.nat[\"us-east-1b\"]","mode":"managed","type":"aws_eip","name":"nat","index":"us-east-1b","provider_name":"registry.terraform.io/hashicorp/aws","schema_version":0,"values":{"address":null,"associate_with_private_ip":null,"customer_owned_ipv4_pool":null,"domain":"vpc","region":"us-east-1","tags":{"Name":"wd-prediction-dev-nat-eip-us-east-1b"},"tags_all":{"Environment":"dev","ManagedBy":"terraform","Name":"wd-prediction-dev-nat-eip-us-east-1b","Project":"wd-prediction"},"timeouts":null},"sensitive_values":{"tags":{},"tags_all":{}}},{"address":"aws_eks_cluster.this","mode":"managed","type":"aws_eks_cluster","name":"this","provider_name":"registry.terraform.io/hashicorp/aws","schema_version":1,"values":{"bootstrap_self_managed_addons":true,"enabled_cluster_log_types":["api","audit","authenticator","controllerManager","scheduler"],"encryption_config":[],"force_update_version":null,"name":"wd-prediction-dev-eks","outpost_config":[],"region":"us-east-1","remote_network_config":[],"tags":{"Name":"wd-prediction-dev-eks"},"tags_all":{"Environment":"dev","ManagedBy":"terraform","Name":"wd-prediction-dev-eks","Project":"wd-prediction"},"timeouts":null,"version":"1.29","vpc_config":[{"endpoint_private_access":false,"endpoint_public_access":true}],"zonal_shift_config":[]},"sensitive_values":{"access_config":[],"certificate_authority":[],"compute_config":[],"control_plane_scaling_config":[],"enabled_cluster_log_types":[false,false,false,false,false],"encryption_config":[],"identity":[],"kubernetes_network_config":[],"outpost_config":[],"remote_network_config":[],"storage_config":[],"tags":{},"tags_all":{},"upgrade_policy":[],"vpc_config":[{"public_access_cidrs":[],"security_group_ids":[],"subnet_ids":[]}],"zonal_shift_config":[]}},{"address":"aws_eks_node_group.default","mode":"managed","type":"aws_eks_node_group","name":"default","provider_name":"registry.terraform.io/hashicorp/aws","schema_version":0,"values":{"capacity_type":"ON_DEMAND","cluster_name":"wd-prediction-dev-eks","force_update_version":null,"instance_types":["t3.medium"],"labels":null,"launch_template":[],"node_group_name":"wd-prediction-dev-ng","region":"us-east-1","remote_access":[],"scaling_config":[{"desired_size":2,"max_size":4,"min_size":2}],"tags":{"Name":"wd-prediction-dev-ng"},"tags_all":{"Environment":"dev","ManagedBy":"terraform","Name":"wd-prediction-dev-ng","Project":"wd-prediction"},"taint":[],"timeouts":null,"update_config":[{"max_unavailable":1,"max_unavailable_percentage":null,"update_strategy":null}]},"sensitive_values":{"instance_types":[false],"launch_template":[],"node_repair_config":[],"remote_access":[],"resources":[],"scaling_config":[{}],"subnet_ids":[],"tags":{},"tags_all":{},"taint":[],"update_config":[{}]}},{"address":"aws_iam_instance_profile.eks_node","mode":"managed","type":"aws_iam_instance_profile","name":"eks_node","provider_name":"registry.terraform.io/hashicorp/aws","schema_version":0,"values":{"name":"wd-prediction-dev-eks-node-profile","path":"/","role":"wd-prediction-dev-eks-node-role","tags":null,"tags_all":{"Environment":"dev","ManagedBy":"terraform","Project":"wd-prediction"}},"sensitive_values":{"tags_all":{}}},{"address":"aws_iam_openid_connect_provider.eks","mode":"managed","type":"aws_iam_openid_connect_provider","name":"eks","provider_name":"registry.terraform.io/hashicorp/aws","schema_version":0,"values":{"client_id_list":["sts.amazonaws.com"],"tags":{"Name":"wd-prediction-dev-eks-oidc"},"tags_all":{"Environment":"dev","ManagedBy":"terraform","Name":"wd-prediction-dev-eks-oidc","Project":"wd-prediction"}},"sensitive_values":{"client_id_list":[false],"tags":{},"tags_all":{},"thumbprint_list":[]},"identity_schema_version":0,"identity":{"arn":null}},{"address":"aws_iam_role.alb_controller","mode":"managed","type":"aws_iam_role","name":"alb_controller","provider_name":"registry.terraform.io/hashicorp/aws","schema_version":0,"values":{"description":null,"force_detach_policies":false,"max_session_duration":3600,"name":"wd-prediction-dev-alb-controller","path":"/","permissions_boundary":null,"tags":null,"tags_all":{"Environment":"dev","ManagedBy":"terraform","Project":"wd-prediction"}},"sensitive_values":{"inline_policy":[],"managed_policy_arns":[],"tags_all":{}},"identity_schema_version":0,"identity":{"account_id":null,"name":null}},{"address":"aws_iam_role.eks_cluster","mode":"managed","type":"aws_iam_role","name":"eks_cluster","provider_name":"registry.terraform.io/hashicorp/aws","schema_version":0,"values":{"assume_role_policy":"{\"Statement\":[{\"Action\":\"sts:AssumeRole\",\"Effect\":\"Allow\",\"Principal\":{\"Service\":\"eks.amazonaws.com\"}}],\"Version\":\"2012-10-17\"}","description":null,"force_detach_policies":false,"max_session_duration":3600,"name":"wd-prediction-dev-eks-cluster-role","path":"/","permissions_boundary":null,"tags":null,"tags_all":{"Environment":"dev","ManagedBy":"terraform","Project":"wd-prediction"}},"sensitive_values":{"inline_policy":[],"managed_policy_arns":[],"tags_all":{}},"identity_schema_version":0,"identity":{"account_id":null,"name":null}},{"address":"aws_iam_role.eks_node","mode":"managed","type":"aws_iam_role","name":"eks_node","provider_name":"registry.terraform.io/hashicorp/aws","schema_version":0,"values":{"assume_role_policy":"{\"Statement\":[{\"Action\":\"sts:AssumeRole\",\"Effect\":\"Allow\",\"Principal\":{\"Service\":\"ec2.amazonaws.com\"}}],\"Version\":\"2012-10-17\"}","description":null,"force_detach_policies":false,"max_session_duration":3600,"name":"wd-prediction-dev-eks-node-role","path":"/","permissions_boundary":null,"tags":null,"tags_all":{"Environment":"dev","ManagedBy":"terraform","Project":"wd-prediction"}},"sensitive_values":{"inline_policy":[],"managed_policy_arns":[],"tags_all":{}},"identity_schema_version":0,"identity":{"account_id":null,"name":null}},{"address":"aws_iam_role_policy_attachment.alb_controller","mode":"managed","type":"aws_iam_role_policy_attachment","name":"alb_controller","provider_name":"registry.terraform.io/hashicorp/aws","schema_version":0,"values":{"policy_arn":"arn:aws:iam::aws:policy/AWSLoadBalancerControllerIAMPolicy","role":"wd-prediction-dev-alb-controller"},"sensitive_values":{},"identity_schema_version":0,"identity":{"account_id":null,"policy_arn":null,"role":null}},{"address":"aws_iam_role_policy_attachment.eks_cluster_AmazonEKSClusterPolicy","mode":"managed","type":"aws_iam_role_policy_attachment","name":"eks_cluster_AmazonEKSClusterPolicy","provider_name":"registry.terraform.io/hashicorp/aws","schema_version":0,"values":{"policy_arn":"arn:aws:iam::aws:policy/AmazonEKSClusterPolicy","role":"wd-prediction-dev-eks-cluster-role"},"sensitive_values":{},"identity_schema_version":0,"identity":{"account_id":null,"policy_arn":null,"role":null}},{"address":"aws_iam_role_policy_attachment.eks_cluster_AmazonEKSServicePolicy","mode":"managed","type":"aws_iam_role_policy_attachment","name":"eks_cluster_AmazonEKSServicePolicy","provider_name":"registry.terraform.io/hashicorp/aws","schema_version":0,"values":{"policy_arn":"arn:aws:iam::aws:policy/AmazonEKSServicePolicy","role":"wd-prediction-dev-eks-cluster-role"},"sensitive_values":{},"identity_schema_version":0,"identity":{"account_id":null,"policy_arn":null,"role":null}},{"address":"aws_iam_role_policy_attachment.eks_node_AmazonEC2ContainerRegistryReadOnly","mode":"managed","type":"aws_iam_role_policy_attachment","name":"eks_node_AmazonEC2ContainerRegistryReadOnly","provider_name":"registry.terraform.io/hashicorp/aws","schema_version":0,"values":{"policy_arn":"arn:aws:iam::aws:policy/AmazonEC2ContainerRegistryReadOnly","role":"wd-prediction-dev-eks-node-role"},"sensitive_values":{},"identity_schema_version":0,"identity":{"account_id":null,"policy_arn":null,"role":null}},{"address":"aws_iam_role_policy_attachment.eks_node_AmazonEKSWorkerNodePolicy","mode":"managed","type":"aws_iam_role_policy_attachment","name":"eks_node_AmazonEKSWorkerNodePolicy","provider_name":"registry.terraform.io/hashicorp/aws","schema_version":0,"values":{"policy_arn":"arn:aws:iam::aws:policy/AmazonEKSWorkerNodePolicy","role":"wd-prediction-dev-eks-node-role"},"sensitive_values":{},"identity_schema_version":0,"identity":{"account_id":null,"policy_arn":null,"role":null}},{"address":"aws_iam_role_policy_attachment.eks_node_AmazonEKS_CNI_Policy","mode":"managed","type":"aws_iam_role_policy_attachment","name":"eks_node_AmazonEKS_CNI_Policy","provider_name":"registry.terraform.io/hashicorp/aws","schema_version":0,"values":{"policy_arn":"arn:aws:iam::aws:policy/AmazonEKS_CNI_Policy","role":"wd-prediction-dev-eks-node-role"},"sensitive_values":{},"identity_schema_version":0,"identity":{"account_id":null,"policy_arn":null,"role":null}},{"address":"aws_internet_gateway.this","mode":"managed","type":"aws_internet_gateway","name":"this","provider_name":"registry.terraform.io/hashicorp/aws","schema_version":0,"values":{"region":"us-east-1","tags":{"Name":"wd-prediction-dev-igw"},"tags_all":{"Environment":"dev","ManagedBy":"terraform","Name":"wd-prediction-dev-igw","Project":"wd-prediction"},"timeouts":null},"sensitive_values":{"tags":{},"tags_all":{}}},{"address":"aws_nat_gateway.this[\"us-east-1a\"]","mode":"managed","type":"aws_nat_gateway","name":"this","index":"us-east-1a","provider_name":"registry.terraform.io/hashicorp/aws","schema_version":0,"values":{"availability_zone_address":[],"connectivity_type":"public","region":"us-east-1","tags":{"Name":"wd-prediction-dev-nat-us-east-1a"},"tags_all":{"Environment":"dev","ManagedBy":"terraform","Name":"wd-prediction-dev-nat-us-east-1a","Project":"wd-prediction"},"timeouts":null},"sensitive_values":{"availability_zone_address":[],"regional_nat_gateway_address":[],"secondary_allocation_ids":[],"secondary_private_ip_addresses":[],"tags":{},"tags_all":{}}},{"address":"aws_nat_gateway.this[\"us-east-1b\"]","mode":"managed","type":"aws_nat_gateway","name":"this","index":"us-east-1b","provider_name":"registry.terraform.io/hashicorp/aws","schema_version":0,"values":{"availability_zone_address":[],"connectivity_type":"public","region":"us-east-1","tags":{"Name":"wd-prediction-dev-nat-us-east-1b"},"tags_all":{"Environment":"dev","ManagedBy":"terraform","Name":"wd-prediction-dev-nat-us-east-1b","Project":"wd-prediction"},"timeouts":null},"sensitive_values":{"availability_zone_address":[],"regional_nat_gateway_address":[],"secondary_allocation_ids":[],"secondary_private_ip_addresses":[],"tags":{},"tags_all":{}}},{"address":"aws_route.private_nat[\"us-east-1a\"]","mode":"managed","type":"aws_route","name":"private_nat","index":"us-east-1a","provider_name":"registry.terraform.io/hashicorp/aws","schema_version":0,"values":{"carrier_gateway_id":null,"core_network_arn":null,"destination_cidr_block":"0.0.0.0/0","destination_ipv6_cidr_block":null,"destination_prefix_list_id":null,"egress_only_gateway_id":null,"gateway_id":null,"local_gateway_id":null,"region":"us-east-1","timeouts":null,"transit_gateway_id":null,"vpc_endpoint_id":null,"vpc_peering_connection_id":null},"sensitive_values":{},"identity_schema_version":0,"identity":{"account_id":null,"destination_cidr_block":null,"destination_ipv6_cidr_block":null,"destination_prefix_list_id":null,"region":null,"route_table_id":null}},{"address":"aws_route.private_nat[\"us-east-1b\"]","mode":"managed","type":"aws_route","name":"private_nat","index":"us-east-1b","provider_name":"registry.terraform.io/hashicorp/aws","schema_version":0,"values":{"carrier_gateway_id":null,"core_network_arn":null,"destination_cidr_block":"0.0.0.0/0","destination_ipv6_cidr_block":null,"destination_prefix_list_id":null,"egress_only_gateway_id":null,"gateway_id":null,"local_gateway_id":null,"region":"us-east-1","timeouts":null,"transit_gateway_id":null,"vpc_endpoint_id":null,"vpc_peering_connection_id":null},"sensitive_values":{},"identity_schema_version":0,"identity":{"account_id":null,"destination_cidr_block":null,"destination_ipv6_cidr_block":null,"destination_prefix_list_id":null,"region":null,"route_table_id":null}},{"address":"aws_route.public_internet","mode":"managed","type":"aws_route","name":"public_internet","provider_name":"registry.terraform.io/hashicorp/aws","schema_version":0,"values":{"carrier_gateway_id":null,"core_network_arn":null,"destination_cidr_block":"0.0.0.0/0","destination_ipv6_cidr_block":null,"destination_prefix_list_id":null,"egress_only_gateway_id":null,"local_gateway_id":null,"nat_gateway_id":null,"region":"us-east-1","timeouts":null,"transit_gateway_id":null,"vpc_endpoint_id":null,"vpc_peering_connection_id":null},"sensitive_values":{},"identity_schema_version":0,"identity":{"account_id":null,"destination_cidr_block":null,"destination_ipv6_cidr_block":null,"destination_prefix_list_id":null,"region":null,"route_table_id":null}},{"address":"aws_route_table.private[\"us-east-1a\"]","mode":"managed","type":"aws_route_table","name":"private","index":"us-east-1a","provider_name":"registry.terraform.io/hashicorp/aws","schema_version":0,"values":{"region":"us-east-1","tags":{"Name":"wd-prediction-dev-private-rt-us-east-1a"},"tags_all":{"Environment":"dev","ManagedBy":"terraform","Name":"wd-prediction-dev-private-rt-us-east-1a","Project":"wd-prediction"},"timeouts":null},"sensitive_values":{"propagating_vgws":[],"route":[],"tags":{},"tags_all":{}},"identity_schema_version":0,"identity":{"account_id":null,"id":null,"region":null}},{"address":"aws_route_table.private[\"us-east-1b\"]","mode":"managed","type":"aws_route_table","name":"private","index":"us-east-1b","provider_name":"registry.terraform.io/hashicorp/aws","schema_version":0,"values":{"region":"us-east-1","tags":{"Name":"wd-prediction-dev-private-rt-us-east-1b"},"tags_all":{"Environment":"dev","ManagedBy":"terraform","Name":"wd-prediction-dev-private-rt-us-east-1b","Project":"wd-prediction"},"timeouts":null},"sensitive_values":{"propagating_vgws":[],"route":[],"tags":{},"tags_all":{}},"identity_schema_version":0,"identity":{"account_id":null,"id":null,"region":null}},{"address":"aws_route_table.public","mode":"managed","type":"aws_route_table","name":"public","provider_name":"registry.terraform.io/hashicorp/aws","schema_version":0,"values":{"region":"us-east-1","tags":{"Name":"wd-prediction-dev-public-rt"},"tags_all":{"Environment":"dev","ManagedBy":"terraform","Name":"wd-prediction-dev-public-rt","Project":"wd-prediction"},"timeouts":null},"sensitive_values":{"propagating_vgws":[],"route":[],"tags":{},"tags_all":{}},"identity_schema_version":0,"identity":{"account_id":null,"id":null,"region":null}},{"address":"aws_route_table_association.private[\"us-east-1a\"]","mode":"managed","type":"aws_route_table_association","name":"private","index":"us-east-1a","provider_name":"registry.terraform.io/hashicorp/aws","schema_version":0,"values":{"gateway_id":null,"region":"us-east-1","timeouts":null},"sensitive_values":{}},{"address":"aws_route_table_association.private[\"us-east-1b\"]","mode":"managed","type":"aws_route_table_association","name":"private","index":"us-east-1b","provider_name":"registry.terraform.io/hashicorp/aws","schema_version":0,"values":{"gateway_id":null,"region":"us-east-1","timeouts":null},"sensitive_values":{}},{"address":"aws_route_table_association.public[\"us-east-1a\"]","mode":"managed","type":"aws_route_table_association","name":"public","index":"us-east-1a","provider_name":"registry.terraform.io/hashicorp/aws","schema_version":0,"values":{"gateway_id":null,"region":"us-east-1","timeouts":null},"sensitive_values":{}},{"address":"aws_route_table_association.public[\"us-east-1b\"]","mode":"managed","type":"aws_route_table_association","name":"public","index":"us-east-1b","provider_name":"registry.terraform.io/hashicorp/aws","schema_version":0,"values":{"gateway_id":null,"region":"us-east-1","timeouts":null},"sensitive_values":{}},{"address":"aws_security_group.eks_cluster","mode":"managed","type":"aws_security_group","name":"eks_cluster","provider_name":"registry.terraform.io/hashicorp/aws","schema_version":1,"values":{"description":"EKS cluster security group","egress":[{"cidr_blocks":["0.0.0.0/0"],"description":"","from_port":0,"ipv6_cidr_blocks":[],"prefix_list_ids":[],"protocol":"-1","security_groups":[],"self":false,"to_port":0}],"name":"wd-prediction-dev-eks-cluster-sg","region":"us-east-1","revoke_rules_on_delete":false,"tags":{"Name":"wd-prediction-dev-eks-cluster-sg"},"tags_all":{"Environment":"dev","ManagedBy":"terraform","Name":"wd-prediction-dev-eks-cluster-sg","Project":"wd-prediction"},"timeouts":null},"sensitive_values":{"egress":[{"cidr_blocks":[false],"ipv6_cidr_blocks":[],"prefix_list_ids":[],"security_groups":[]}],"ingress":[],"tags":{},"tags_all":{}},"identity_schema_version":0,"identity":{"account_id":null,"id":null,"region":null}},{"address":"aws_security_group.eks_nodes","mode":"managed","type":"aws_security_group","name":"eks_nodes","provider_name":"registry.terraform.io/hashicorp/aws","schema_version":1,"values":{"description":"EKS worker nodes security group","egress":[{"cidr_blocks":["0.0.0.0/0"],"description":"","from_port":0,"ipv6_cidr_blocks":[],"prefix_list_ids":[],"protocol":"-1","security_groups":[],"self":false,"to_port":0}],"ingress":[{"cidr_blocks":[],"description":"Control plane to nodes","from_port":0,"ipv6_cidr_blocks":[],"prefix_list_ids":[],"protocol":"-1","self":false,"to_port":0},{"cidr_blocks":[],"description":"Node to node","from_port":0,"ipv6_cidr_blocks":[],"prefix_list_ids":[],"protocol":"-1","security_groups":[],"self":true,"to_port":0}],"name":"wd-prediction-dev-eks-nodes-sg","region":"us-east-1","revoke_rules_on_delete":false,"tags":{"Name":"wd-prediction-dev-eks-nodes-sg"},"tags_all":{"Environment":"dev","ManagedBy":"terraform","Name":"wd-prediction-dev-eks-nodes-sg","Project":"wd-prediction"},"timeouts":null},"sensitive_values":{"egress":[{"cidr_blocks":[false],"ipv6_cidr_blocks":[],"prefix_list_ids":[],"security_groups":[]}],"ingress":[{"cidr_blocks":[],"ipv6_cidr_blocks":[],"prefix_list_ids":[],"security_groups":[]},{"cidr_blocks":[],"ipv6_cidr_blocks":[],"prefix_list_ids":[],"security_groups":[]}],"tags":{},"tags_all":{}},"identity_schema_version":0,"identity":{"account_id":null,"id":null,"region":null}},{"address":"aws_subnet.private[\"us-east-1a\"]","mode":"managed","type":"aws_subnet","name":"private","index":"us-east-1a","provider_name":"registry.terraform.io/hashicorp/aws","schema_version":1,"values":{"assign_ipv6_address_on_creation":false,"availability_zone":"us-east-1a","cidr_block":"10.0.10.0/24","customer_owned_ipv4_pool":null,"enable_dns64":false,"enable_lni_at_device_index":null,"enable_resource_name_dns_a_record_on_launch":false,"enable_resource_name_dns_aaaa_record_on_launch":false,"ipv6_cidr_block":null,"ipv6_native":false,"map_customer_owned_ip_on_launch":null,"map_public_ip_on_launch":false,"outpost_arn":null,"region":"us-east-1","tags":{"Name":"wd-prediction-dev-private-us-east-1a","kubernetes.io/role/internal-elb":"1"},"tags_all":{"Environment":"dev","ManagedBy":"terraform","Name":"wd-prediction-dev-private-us-east-1a","Project":"wd-prediction","kubernetes.io/role/internal-elb":"1"},"timeouts":null},"sensitive_values":{"tags":{},"tags_all":{}},"identity_schema_version":0,"identity":{"account_id":null,"id":null,"region":null}},{"address":"aws_subnet.private[\"us-east-1b\"]","mode":"managed","type":"aws_subnet","name":"private","index":"us-east-1b","provider_name":"registry.terraform.io/hashicorp/aws","schema_version":1,"values":{"assign_ipv6_address_on_creation":false,"availability_zone":"us-east-1b","cidr_block":"10.0.11.0/24","customer_owned_ipv4_pool":null,"enable_dns64":false,"enable_lni_at_device_index":null,"enable_resource_name_dns_a_record_on_launch":false,"enable_resource_name_dns_aaaa_record_on_launch":false,"ipv6_cidr_block":null,"ipv6_native":false,"map_customer_owned_ip_on_launch":null,"map_public_ip_on_launch":false,"outpost_arn":null,"region":"us-east-1","tags":{"Name":"wd-prediction-dev-private-us-east-1b","kubernetes.io/role/internal-elb":"1"},"tags_all":{"Environment":"dev","ManagedBy":"terraform","Name":"wd-prediction-dev-private-us-east-1b","Project":"wd-prediction","kubernetes.io/role/internal-elb":"1"},"timeouts":null},"sensitive_values":{"tags":{},"tags_all":{}},"identity_schema_version":0,"identity":{"account_id":null,"id":null,"region":null}},{"address":"aws_subnet.public[\"us-east-1a\"]","mode":"managed","type":"aws_subnet","name":"public","index":"us-east-1a","provider_name":"registry.terraform.io/hashicorp/aws","schema_version":1,"values":{"assign_ipv6_address_on_creation":false,"availability_zone":"us-east-1a","cidr_block":"10.0.0.0/24","customer_owned_ipv4_pool":null,"enable_dns64":false,"enable_lni_at_device_index":null,"enable_resource_name_dns_a_record_on_launch":false,"enable_resource_name_dns_aaaa_record_on_launch":false,"ipv6_cidr_block":null,"ipv6_native":false,"map_customer_owned_ip_on_launch":null,"map_public_ip_on_launch":true,"outpost_arn":null,"region":"us-east-1","tags":{"Name":"wd-prediction-dev-public-us-east-1a","kubernetes.io/role/elb":"1"},"tags_all":{"Environment":"dev","ManagedBy":"terraform","Name":"wd-prediction-dev-public-us-east-1a","Project":"wd-prediction","kubernetes.io/role/elb":"1"},"timeouts":null},"sensitive_values":{"tags":{},"tags_all":{}},"identity_schema_version":0,"identity":{"account_id":null,"id":null,"region":null}},{"address":"aws_subnet.public[\"us-east-1b\"]","mode":"managed","type":"aws_subnet","name":"public","index":"us-east-1b","provider_name":"registry.terraform.io/hashicorp/aws","schema_version":1,"values":{"assign_ipv6_address_on_creation":false,"availability_zone":"us-east-1b","cidr_block":"10.0.1.0/24","customer_owned_ipv4_pool":null,"enable_dns64":false,"enable_lni_at_device_index":null,"enable_resource_name_dns_a_record_on_launch":false,"enable_resource_name_dns_aaaa_record_on_launch":false,"ipv6_cidr_block":null,"ipv6_native":false,"map_customer_owned_ip_on_launch":null,"map_public_ip_on_launch":true,"outpost_arn":null,"region":"us-east-1","tags":{"Name":"wd-prediction-dev-public-us-east-1b","kubernetes.io/role/elb":"1"},"tags_all":{"Environment":"dev","ManagedBy":"terraform","Name":"wd-prediction-dev-public-us-east-1b","Project":"wd-prediction","kubernetes.io/role/elb":"1"},"timeouts":null},"sensitive_values":{"tags":{},"tags_all":{}},"identity_schema_version":0,"identity":{"account_id":null,"id":null,"region":null}},{"address":"aws_vpc.this","mode":"managed","type":"aws_vpc","name":"this","provider_name":"registry.terraform.io/hashicorp/aws","schema_version":1,"values":{"assign_generated_ipv6_cidr_block":null,"cidr_block":"10.0.0.0/16","enable_dns_hostnames":true,"enable_dns_support":true,"instance_tenancy":"default","ipv4_ipam_pool_id":null,"ipv4_netmask_length":null,"ipv6_ipam_pool_id":null,"ipv6_netmask_length":null,"region":"us-east-1","tags":{"Name":"wd-prediction-dev"},"tags_all":{"Environment":"dev","ManagedBy":"terraform","Name":"wd-prediction-dev","Project":"wd-prediction"}},"sensitive_values":{"tags":{},"tags_all":{}},"identity_schema_version":0,"identity":{"account_id":null,"id":null,"region":null}},{"address":"data.aws_eks_cluster_auth.this","mode":"data","type":"aws_eks_cluster_auth","name":"this","provider_name":"registry.terraform.io/hashicorp/aws","schema_version":0,"values":{"name":"wd-prediction-dev-eks"},"sensitive_values":{"token":true}},{"address":"data.aws_iam_policy_document.alb_controller_assume","mode":"data","type":"aws_iam_policy_document","name":"alb_controller_assume","provider_name":"registry.terraform.io/hashicorp/aws","schema_version":0,"values":{"override_json":null,"override_policy_documents":null,"policy_id":null,"source_json":null,"source_policy_documents":null,"statement":[{"actions":["sts:AssumeRoleWithWebIdentity"],"condition":[{"test":"StringEquals","values":["sts.amazonaws.com"]},{"test":"StringEquals","values":["system:serviceaccount:kube-system:aws-load-balancer-controller"]}],"effect":null,"not_actions":null,"not_principals":[],"not_resources":null,"principals":[{"identifiers":[null],"type":"Federated"}],"resources":null,"sid":null}],"version":null},"sensitive_values":{"statement":[{"actions":[false],"condition":[{"values":[false]},{"values":[false]}],"not_principals":[],"principals":[{"identifiers":[false]}]}]}},{"address":"data.tls_certificate.eks","mode":"data","type":"tls_certificate","name":"eks","provider_name":"registry.terraform.io/hashicorp/tls","schema_version":0,"values":{"content":null,"verify_chain":null},"sensitive_values":{"certificates":[]}},{"address":"helm_release.aws_load_balancer_controller","mode":"managed","type":"helm_release","name":"aws_load_balancer_controller","provider_name":"registry.terraform.io/hashicorp/helm","schema_version":2,"values":{"atomic":false,"chart":"aws-load-balancer-controller","cleanup_on_fail":false,"create_namespace":false,"dependency_update":false,"description":null,"devel":null,"disable_crd_hooks":false,"disable_openapi_validation":false,"disable_webhooks":false,"force_update":false,"keyring":null,"lint":false,"manifest":null,"max_history":0,"name":"aws-load-balancer-controller","namespace":"kube-system","pass_credentials":false,"postrender":null,"recreate_pods":false,"render_subchart_notes":true,"replace":false,"repository":"https://aws.github.io/eks-charts","repository_ca_file":null,"repository_cert_file":null,"repository_key_file":null,"repository_password":null,"repository_username":null,"reset_values":false,"resources":null,"reuse_values":false,"set":null,"set_list":null,"set_sensitive":null,"set_wo":null,"set_wo_revision":null,"skip_crds":false,"status":"deployed","take_ownership":false,"timeout":300,"timeouts":null,"upgrade_install":false,"values":[null],"verify":false,"version":"1.17.1","wait":true,"wait_for_jobs":false},"sensitive_values":{"metadata":{},"repository_password":true,"values":[false]}},{"address":"kubernetes_deployment_v1.app","mode":"managed","type":"kubernetes_deployment_v1","name":"app","provider_name":"registry.terraform.io/hashicorp/kubernetes","schema_version":1,"values":{"metadata":[{"annotations":null,"generate_name":null,"labels":{"app":"wd-prediction"},"name":"wd-prediction","namespace":"wd-prediction"}],"spec":[{"min_ready_seconds":0,"paused":false,"progress_deadline_seconds":600,"replicas":"6","revision_history_limit":10,"selector":[{"match_expressions":[],"match_labels":{"app":"wd-prediction"}}],"template":[{"metadata":[{"annotations":null,"generate_name":null,"labels":{"app":"wd-prediction"},"namespace":null}],"spec":[{"active_deadline_seconds":null,"affinity":[],"automount_service_account_token":true,"container":[{"args":null,"command":null,"env":[],"env_from":[],"image":"yash5090/wd-prediction:latest","image_pull_policy":"Always","lifecycle":[],"liveness_probe":[{"exec":[],"failure_threshold":3,"grpc":[],"http_get":[{"host":null,"http_header":[],"path":"/","port":"5000","scheme":"HTTP"}],"initial_delay_seconds":10,"period_seconds":10,"success_threshold":1,"tcp_socket":[],"timeout_seconds":1}],"name":"wd-prediction","port":[{"container_port":5000,"host_ip":null,"host_port":null,"name":null,"protocol":"TCP"}],"readiness_probe":[{"exec":[],"failure_threshold":3,"grpc":[],"http_get":[{"host":null,"http_header":[],"path":"/","port":"5000","scheme":"HTTP"}],"initial_delay_seconds":5,"period_seconds":5,"success_threshold":1,"tcp_socket":[],"timeout_seconds":1}],"resources":[{"limits":{"cpu":"250m","memory":"256Mi"},"requests":{"cpu":"50m","memory":"64Mi"}}],"security_context":[],"startup_probe":[],"stdin":false,"stdin_once":false,"termination_message_path":"/dev/termination-log","tty":false,"volume_device":[],"volume_mount":[],"working_dir":null}],"dns_config":[],"dns_policy":"ClusterFirst","enable_service_links":true,"host_aliases":[],"host_ipc":false,"host_network":false,"host_pid":false,"init_container":[],"node_selector":null,"os":[],"priority_class_name":null,"restart_policy":"Always","runtime_class_name":null,"security_context":[],"share_process_namespace":false,"subdomain":null,"termination_grace_period_seconds":30,"toleration":[],"topology_spread_constraint":[],"volume":[]}]}]}],"timeouts":null,"wait_for_rollout":true},"sensitive_values":{"metadata":[{"labels":{}}],"spec":[{"selector":[{"match_expressions":[],"match_labels":{}}],"strategy":[],"template":[{"metadata":[{"labels":{}}],"spec":[{"affinity":[],"container":[{"env":[],"env_from":[],"lifecycle":[],"liveness_probe":[{"exec":[],"grpc":[],"http_get":[{"http_header":[]}],"tcp_socket":[]}],"port":[{}],"readiness_probe":[{"exec":[],"grpc":[],"http_get":[{"http_header":[]}],"tcp_socket":[]}],"resources":[{"limits":{},"requests":{}}],"security_context":[],"startup_probe":[],"volume_device":[],"volume_mount":[]}],"dns_config":[],"host_aliases":[],"image_pull_secrets":[],"init_container":[],"os":[],"readiness_gate":[],"security_context":[],"toleration":[],"topology_spread_constraint":[],"volume":[]}]}]}]}},{"address":"kubernetes_ingress_v1.app","mode":"managed","type":"kubernetes_ingress_v1","name":"app","provider_name":"registry.terraform.io/hashicorp/kubernetes","schema_version":0,"values":{"metadata":[{"annotations":{"alb.ingress.kubernetes.io/listen-ports":"[{\"HTTP\":80}]","alb.ingress.kubernetes.io/scheme":"internet-facing","alb.ingress.kubernetes.io/target-type":"ip","kubernetes.io/ingress.class":"alb"},"generate_name":null,"labels":null,"name":"wd-prediction","namespace":"wd-prediction"}],"spec":[{"default_backend":[],"rule":[{"host":null,"http":[{"path":[{"backend":[{"resource":[],"service":[{"name":"wd-prediction","port":[{"name":null,"number":5000}]}]}],"path":"/","path_type":"Prefix"}]}]}],"tls":[]}],"timeouts":null,"wait_for_load_balancer":null},"sensitive_values":{"metadata":[{"annotations":{}}],"spec":[{"default_backend":[],"rule":[{"http":[{"path":[{"backend":[{"resource":[],"service":[{"port":[{}]}]}]}]}]}],"tls":[]}],"status":[]}},{"address":"kubernetes_namespace_v1.app","mode":"managed","type":"kubernetes_namespace_v1","name":"app","provider_name":"registry.terraform.io/hashicorp/kubernetes","schema_version":0,"values":{"metadata":[{"annotations":null,"generate_name":null,"labels":null,"name":"wd-prediction"}],"timeouts":null,"wait_for_default_service_account":false},"sensitive_values":{"metadata":[{}]}},{"address":"kubernetes_service_account_v1.alb_controller","mode":"managed","type":"kubernetes_service_account_v1","name":"alb_controller","provider_name":"registry.terraform.io/hashicorp/kubernetes","schema_version":0,"values":{"automount_service_account_token":true,"image_pull_secret":[],"metadata":[{"generate_name":null,"labels":{"app.kubernetes.io/name":"aws-load-balancer-controller"},"name":"aws-load-balancer-controller","namespace":"kube-system"}],"secret":[],"timeouts":null},"sensitive_values":{"image_pull_secret":[],"metadata":[{"annotations":{},"labels":{}}],"secret":[]}},{"address":"kubernetes_service_v1.app","mode":"managed","type":"kubernetes_service_v1","name":"app","provider_name":"registry.terraform.io/hashicorp/kubernetes","schema_version":1,"values":{"metadata":[{"annotations":null,"generate_name":null,"labels":{"app":"wd-prediction"},"name":"wd-prediction","namespace":"wd-prediction"}],"spec":[{"allocate_load_balancer_node_ports":true,"external_ips":null,"external_name":null,"load_balancer_class":null,"load_balancer_ip":null,"load_balancer_source_ranges":null,"port":[{"app_protocol":null,"name":null,"port":5000,"protocol":"TCP","target_port":"5000"}],"publish_not_ready_addresses":false,"selector":{"app":"wd-prediction"},"session_affinity":"None","type":"ClusterIP"}],"timeouts":null,"wait_for_load_balancer":true},"sensitive_values":{"metadata":[{"labels":{}}],"spec":[{"cluster_ips":[],"ip_families":[],"port":[{}],"selector":{},"session_affinity_config":[]}],"status":[]}}]}},"resource_changes":[{"address":"data.aws_eks_cluster_auth.this","mode":"data","type":"aws_eks_cluster_auth","name":"this","provider_name":"registry.terraform.io/hashicorp/aws","change":{"actions":["read"],"before":null,"after":{"name":"wd-prediction-dev-eks"},"after_unknown":{"id":true,"region":true,"token":true},"before_sensitive":false,"after_sensitive":{"token":true}},"action_reason":"read_because_dependency_pending"},{"address":"data.aws_iam_policy_document.alb_controller_assume","mode":"data","type":"aws_iam_policy_document","name":"alb_controller_assume","provider_name":"registry.terraform.io/hashicorp/aws","change":{"actions":["read"],"before":null,"after":{"override_json":null,"override_policy_documents":null,"policy_id":null,"source_json":null,"source_policy_documents":null,"statement":[{"actions":["sts:AssumeRoleWithWebIdentity"],"condition":[{"test":"StringEquals","values":["sts.amazonaws.com"]},{"test":"StringEquals","values":["system:serviceaccount:kube-system:aws-load-balancer-controller"]}],"effect":null,"not_actions":null,"not_principals":[],"not_resources":null,"principals":[{"identifiers":[null],"type":"Federated"}],"resources":null,"sid":null}],"version":null},"after_unknown":{"id":true,"json":true,"minified_json":true,"statement":[{"actions":[false],"condition":[{"values":[false],"variable":true},{"values":[false],"variable":true}],"not_principals":[],"principals":[{"identifiers":[true]}]}]},"before_sensitive":false,"after_sensitive":{"statement":[{"actions":[false],"condition":[{"values":[false]},{"values":[false]}],"not_principals":[],"principals":[{"identifiers":[false]}]}]}},"action_reason":"read_because_config_unknown"},{"address":"data.tls_certificate.eks","mode":"data","type":"tls_certificate","name":"eks","provider_name":"registry.terraform.io/hashicorp/tls","change":{"actions":["read"],"before":null,"after":{"content":null,"verify_chain":null},"after_unknown":{"certificates":true,"id":true,"url":true},"before_sensitive":false,"after_sensitive":{"certificates":[]}},"action_reason":"read_because_config_unknown"},{"address":"aws_ecr_lifecycle_policy.app[0]","mode":"managed","type":"aws_ecr_lifecycle_policy","name":"app","index":0,"provider_name":"registry.terraform.io/hashicorp/aws","change":{"actions":["create"],"before":null,"after":{"policy":"{\"rules\":[{\"action\":{\"type\":\"expire\"},\"description\":\"Keep last 30 images\",\"rulePriority\":1,\"selection\":{\"countNumber\":30,\"countType\":\"imageCountMoreThan\",\"tagStatus\":\"any\"}}]}","region":"us-east-1","repository":"wd-prediction"},"after_unknown":{"id":true,"registry_id":true},"before_sensitive":false,"after_sensitive":{},"after_identity":{"account_id":null,"region":null,"repository":null}}},{"address":"aws_ecr_repository.app[0]","mode":"managed","type":"aws_ecr_repository","name":"app","index":0,"provider_name":"registry.terraform.io/hashicorp/aws","change":{"actions":["create"],"before":null,"after":{"encryption_configuration":[{"encryption_type":"AES256"}],"force_delete":null,"image_scanning_configuration":[{"scan_on_push":true}],"image_tag_mutability":"MUTABLE","image_tag_mutability_exclusion_filter":[],"name":"wd-prediction","region":"us-east-1","tags":{"Name":"wd-prediction-dev-ecr"},"tags_all":{"Environment":"dev","ManagedBy":"terraform","Name":"wd-prediction-dev-ecr","Project":"wd-prediction"},"timeouts":null},"after_unknown":{"arn":true,"encryption_configuration":[{"kms_key":true}],"id":true,"image_scanning_configuration":[{}],"image_tag_mutability_exclusion_filter":[],"registry_id":true,"repository_url":true,"tags":{},"tags_all":{}},"before_sensitive":false,"after_sensitive":{"encryption_configuration":[{}],"image_scanning_configuration":[{}],"image_tag_mutability_exclusion_filter":[],"tags":{},"tags_all":{}},"after_identity":{"account_id":null,"name":null,"region":null}}},{"address":"aws_eip.nat[\"us-east-1a\"]","mode":"managed","type":"aws_eip","name":"nat","index":"us-east-1a","provider_name":"registry.terraform.io/hashicorp/aws","change":{"actions":["create"],"before":null,"after":{"address":null,"associate_with_private_ip":null,"customer_owned_ipv4_pool":null,"domain":"vpc","region":"us-east-1","tags":{"Name":"wd-prediction-dev-nat-eip-us-east-1a"},"tags_all":{"Environment":"dev","ManagedBy":"terraform","Name":"wd-prediction-dev-nat-eip-us-east-1a","Project":"wd-prediction"},"timeouts":null},"after_unknown":{"allocation_id":true,"arn":true,"association_id":true,"carrier_ip":true,"customer_owned_ip":true,"id":true,"instance":true,"ipam_pool_id":true,"network_border_group":true,"network_interface":true,"private_dns":true,"private_ip":true,"ptr_record":true,"public_dns":true,"public_ip":true,"public_ipv4_pool":true,"tags":{},"tags_all":{}},"before_sensitive":false,"after_sensitive":{"tags":{},"tags_all":{}}}},{"address":"aws_eip.nat[\"us-east-1b\"]","mode":"managed","type":"aws_eip","name":"nat","index":"us-east-1b","provider_name":"registry.terraform.io/hashicorp/aws","change":{"actions":["create"],"before":null,"after":{"address":null,"associate_with_private_ip":null,"customer_owned_ipv4_pool":null,"domain":"vpc","region":"us-east-1","tags":{"Name":"wd-prediction-dev-nat-eip-us-east-1b"},"tags_all":{"Environment":"dev","ManagedBy":"terraform","Name":"wd-prediction-dev-nat-eip-us-east-1b","Project":"wd-prediction"},"timeouts":null},"after_unknown":{"allocation_id":true,"arn":true,"association_id":true,"carrier_ip":true,"customer_owned_ip":true,"id":true,"instance":true,"ipam_pool_id":true,"network_border_group":true,"network_interface":true,"private_dns":true,"private_ip":true,"ptr_record":true,"public_dns":true,"public_ip":true,"public_ipv4_pool":true,"tags":{},"tags_all":{}},"before_sensitive":false,"after_sensitive":{"tags":{},"tags_all":{}}}},{"address":"aws_eks_cluster.this","mode":"managed","type":"aws_eks_cluster","name":"this","provider_name":"registry.terraform.io/hashicorp/aws","change":{"actions":["create"],"before":null,"after":{"bootstrap_self_managed_addons":true,"enabled_cluster_log_types":["api","audit","authenticator","controllerManager","scheduler"],"encryption_config":[],"force_update_version":null,"name":"wd-prediction-dev-eks","outpost_config":[],"region":"us-east-1","remote_network_config":[],"tags":{"Name":"wd-prediction-dev-eks"},"tags_all":{"Environment":"dev","ManagedBy":"terraform","Name":"wd-prediction-dev-eks","Project":"wd-prediction"},"timeouts":null,"version":"1.29","vpc_config":[{"endpoint_private_access":false,"endpoint_public_access":true}],"zonal_shift_config":[]},"after_unknown":{"access_config":true,"arn":true,"certificate_authority":true,"cluster_id":true,"compute_config":true,"control_plane_scaling_config":true,"created_at":true,"deletion_protection":true,"enabled_cluster_log_types":[false,false,false,false,false],"encryption_config":[],"endpoint":true,"id":true,"identity":true,"kubernetes_network_config":true,"outpost_config":[],"platform_version":true,"remote_network_config":[],"role_arn":true,"status":true,"storage_config":true,"tags":{},"tags_all":{},"upgrade_policy":true,"vpc_config":[{"cluster_security_group_id":true,"public_access_cidrs":true,"security_group_ids":true,"subnet_ids":true,"vpc_id":true}],"zonal_shift_config":[]},"before_sensitive":false,"after_sensitive":{"access_config":[],"certificate_authority":[],"compute_config":[],"control_plane_scaling_config":[],"enabled_cluster_log_types":[false,false,false,false,false],"encryption_config":[],"identity":[],"kubernetes_network_config":[],"outpost_config":[],"remote_network_config":[],"storage_config":[],"tags":{},"tags_all":{},"upgrade_policy":[],"vpc_config":[{"public_access_cidrs":[],"security_group_ids":[],"subnet_ids":[]}],"zonal_shift_config":[]}}},{"address":"aws_eks_node_group.default","mode":"managed","type":"aws_eks_node_group","name":"default","provider_name":"registry.terraform.io/hashicorp/aws","change":{"actions":["create"],"before":null,"after":{"capacity_type":"ON_DEMAND","cluster_name":"wd-prediction-dev-eks","force_update_version":null,"instance_types":["t3.medium"],"labels":null,"launch_template":[],"node_group_name":"wd-prediction-dev-ng","region":"us-east-1","remote_access":[],"scaling_config":[{"desired_size":2,"max_size":4,"min_size":2}],"tags":{"Name":"wd-prediction-dev-ng"},"tags_all":{"Environment":"dev","ManagedBy":"terraform","Name":"wd-prediction-dev-ng","Project":"wd-prediction"},"taint":[],"timeouts":null,"update_config":[{"max_unavailable":1,"max_unavailable_percentage":null,"update_strategy":null}]},"after_unknown":{"ami_type":true,"arn":true,"disk_size":true,"id":true,"instance_types":[false],"launch_template":[],"node_group_name_prefix":true,"node_repair_config":true,"node_role_arn":true,"release_version":true,"remote_access":[],"resources":true,"scaling_config":[{}],"status":true,"subnet_ids":true,"tags":{},"tags_all":{},"taint":[],"update_config":[{}],"version":true},"before_sensitive":false,"after_sensitive":{"instance_types":[false],"launch_template":[],"node_repair_config":[],"remote_access":[],"resources":[],"scaling_config":[{}],"subnet_ids":[],"tags":{},"tags_all":{},"taint":[],"update_config":[{}]}}},{"address":"aws_iam_instance_profile.eks_node","mode":"managed","type":"aws_iam_instance_profile","name":"eks_node","provider_name":"registry.terraform.io/hashicorp/aws","change":{"actions":["create"],"before":null,"after":{"name":"wd-prediction-dev-eks-node-profile","path":"/","role":"wd-prediction-dev-eks-node-role","tags":null,"tags_all":{"Environment":"dev","ManagedBy":"terraform","Project":"wd-prediction"}},"after_unknown":{"arn":true,"create_date":true,"id":true,"name_prefix":true,"tags_all":{},"unique_id":true},"before_sensitive":false,"after_sensitive":{"tags_all":{}}}},{"address":"aws_iam_openid_connect_provider.eks","mode":"managed","type":"aws_iam_openid_connect_provider","name":"eks","provider_name":"registry.terraform.io/hashicorp/aws","change":{"actions":["create"],"before":null,"after":{"client_id_list":["sts.amazonaws.com"],"tags":{"Name":"wd-prediction-dev-eks-oidc"},"tags_all":{"Environment":"dev","ManagedBy":"terraform","Name":"wd-prediction-dev-eks-oidc","Project":"wd-prediction"}},"after_unknown":{"arn":true,"client_id_list":[false],"id":true,"tags":{},"tags_all":{},"thumbprint_list":true,"url":true},"before_sensitive":false,"after_sensitive":{"client_id_list":[false],"tags":{},"tags_all":{},"thumbprint_list":[]},"after_identity":{"arn":null}}},{"address":"aws_iam_role.alb_controller","mode":"managed","type":"aws_iam_role","name":"alb_controller","provider_name":"registry.terraform.io/hashicorp/aws","change":{"actions":["create"],"before":null,"after":{"description":null,"force_detach_policies":false,"max_session_duration":3600,"name":"wd-prediction-dev-alb-controller","path":"/","permissions_boundary":null,"tags":null,"tags_all":{"Environment":"dev","ManagedBy":"terraform","Project":"wd-prediction"}},"after_unknown":{"arn":true,"assume_role_policy":true,"create_date":true,"id":true,"inline_policy":true,"managed_policy_arns":true,"name_prefix":true,"tags_all":{},"unique_id":true},"before_sensitive":false,"after_sensitive":{"inline_policy":[],"managed_policy_arns":[],"tags_all":{}},"after_identity":{"account_id":null,"name":null}}},{"address":"aws_iam_role.eks_cluster","mode":"managed","type":"aws_iam_role","name":"eks_cluster","provider_name":"registry.terraform.io/hashicorp/aws","change":{"actions":["create"],"before":null,"after":{"assume_role_policy":"{\"Statement\":[{\"Action\":\"sts:AssumeRole\",\"Effect\":\"Allow\",\"Principal\":{\"Service\":\"eks.amazonaws.com\"}}],\"Version\":\"2012-10-17\"}","description":null,"force_detach_policies":false,"max_session_duration":3600,"name":"wd-prediction-dev-eks-cluster-role","path":"/","permissions_boundary":null,"tags":null,"tags_all":{"Environment":"dev","ManagedBy":"terraform","Project":"wd-prediction"}},"after_unknown":{"arn":true,"create_date":true,"id":true,"inline_policy":true,"managed_policy_arns":true,"name_prefix":true,"tags_all":{},"unique_id":true},"before_sensitive":false,"after_sensitive":{"inline_policy":[],"managed_policy_arns":[],"tags_all":{}},"after_identity":{"account_id":null,"name":null}}},{"address":"aws_iam_role.eks_node","mode":"managed","type":"aws_iam_role","name":"eks_node","provider_name":"registry.terraform.io/hashicorp/aws","change":{"actions":["create"],"before":null,"after":{"assume_role_policy":"{\"Statement\":[{\"Action\":\"sts:AssumeRole\",\"Effect\":\"Allow\",\"Principal\":{\"Service\":\"ec2.amazonaws.com\"}}],\"Version\":\"2012-10-17\"}","description":null,"force_detach_policies":false,"max_session_duration":3600,"name":"wd-prediction-dev-eks-node-role","path":"/","permissions_boundary":null,"tags":null,"tags_all":{"Environment":"dev","ManagedBy":"terraform","Project":"wd-prediction"}},"after_unknown":{"arn":true,"create_date":true,"id":true,"inline_policy":true,"managed_policy_arns":true,"name_prefix":true,"tags_all":{},"unique_id":true},"before_sensitive":false,"after_sensitive":{"inline_policy":[],"managed_policy_arns":[],"tags_all":{}},"after_identity":{"account_id":null,"name":null}}},{"address":"aws_iam_role_policy_attachment.alb_controller","mode":"managed","type":"aws_iam_role_policy_attachment","name":"alb_controller","provider_name":"registry.terraform.io/hashicorp/aws","change":{"actions":["create"],"before":null,"after":{"policy_arn":"arn:aws:iam::aws:policy/AWSLoadBalancerControllerIAMPolicy","role":"wd-prediction-dev-alb-controller"},"after_unknown":{"id":true},"before_sensitive":false,"after_sensitive":{},"after_identity":{"account_id":null,"policy_arn":null,"role":null}}},{"address":"aws_iam_role_policy_attachment.eks_cluster_AmazonEKSClusterPolicy","mode":"managed","type":"aws_iam_role_policy_attachment","name":"eks_cluster_AmazonEKSClusterPolicy","provider_name":"registry.terraform.io/hashicorp/aws","change":{"actions":["create"],"before":null,"after":{"policy_arn":"arn:aws:iam::aws:policy/AmazonEKSClusterPolicy","role":"wd-prediction-dev-eks-cluster-role"},"after_unknown":{"id":true},"before_sensitive":false,"after_sensitive":{},"after_identity":{"account_id":null,"policy_arn":null,"role":null}}},{"address":"aws_iam_role_policy_attachment.eks_cluster_AmazonEKSServicePolicy","mode":"managed","type":"aws_iam_role_policy_attachment","name":"eks_cluster_AmazonEKSServicePolicy","provider_name":"registry.terraform.io/hashicorp/aws","change":{"actions":["create"],"before":null,"after":{"policy_arn":"arn:aws:iam::aws:policy/AmazonEKSServicePolicy","role":"wd-prediction-dev-eks-cluster-role"},"after_unknown":{"id":true},"before_sensitive":false,"after_sensitive":{},"after_identity":{"account_id":null,"policy_arn":null,"role":null}}},{"address":"aws_iam_role_policy_attachment.eks_node_AmazonEC2ContainerRegistryReadOnly","mode":"managed","type":"aws_iam_role_policy_attachment","name":"eks_node_AmazonEC2ContainerRegistryReadOnly","provider_name":"registry.terraform.io/hashicorp/aws","change":{"actions":["create"],"before":null,"after":{"policy_arn":"arn:aws:iam::aws:policy/AmazonEC2ContainerRegistryReadOnly","role":"wd-prediction-dev-eks-node-role"},"after_unknown":{"id":true},"before_sensitive":false,"after_sensitive":{},"after_identity":{"account_id":null,"policy_arn":null,"role":null}}},{"address":"aws_iam_role_policy_attachment.eks_node_AmazonEKSWorkerNodePolicy","mode":"managed","type":"aws_iam_role_policy_attachment","name":"eks_node_AmazonEKSWorkerNodePolicy","provider_name":"registry.terraform.io/hashicorp/aws","change":{"actions":["create"],"before":null,"after":{"policy_arn":"arn:aws:iam::aws:policy/AmazonEKSWorkerNodePolicy","role":"wd-prediction-dev-eks-node-role"},"after_unknown":{"id":true},"before_sensitive":false,"after_sensitive":{},"after_identity":{"account_id":null,"policy_arn":null,"role":null}}},{"address":"aws_iam_role_policy_attachment.eks_node_AmazonEKS_CNI_Policy","mode":"managed","type":"aws_iam_role_policy_attachment","name":"eks_node_AmazonEKS_CNI_Policy","provider_name":"registry.terraform.io/hashicorp/aws","change":{"actions":["create"],"before":null,"after":{"policy_arn":"arn:aws:iam::aws:policy/AmazonEKS_CNI_Policy","role":"wd-prediction-dev-eks-node-role"},"after_unknown":{"id":true},"before_sensitive":false,"after_sensitive":{},"after_identity":{"account_id":null,"policy_arn":null,"role":null}}},{"address":"aws_internet_gateway.this","mode":"managed","type":"aws_internet_gateway","name":"this","provider_name":"registry.terraform.io/hashicorp/aws","change":{"actions":["create"],"before":null,"after":{"region":"us-east-1","tags":{"Name":"wd-prediction-dev-igw"},"tags_all":{"Environment":"dev","ManagedBy":"terraform","Name":"wd-prediction-dev-igw","Project":"wd-prediction"},"timeouts":null},"after_unknown":{"arn":true,"id":true,"owner_id":true,"tags":{},"tags_all":{},"vpc_id":true},"before_sensitive":false,"after_sensitive":{"tags":{},"tags_all":{}}}},{"address":"aws_nat_gateway.this[\"us-east-1a\"]","mode":"managed","type":"aws_nat_gateway","name":"this","index":"us-east-1a","provider_name":"registry.terraform.io/hashicorp/aws","change":{"actions":["create"],"before":null,"after":{"availability_zone_address":[],"connectivity_type":"public","region":"us-east-1","tags":{"Name":"wd-prediction-dev-nat-us-east-1a"},"tags_all":{"Environment":"dev","ManagedBy":"terraform","Name":"wd-prediction-dev-nat-us-east-1a","Project":"wd-prediction"},"timeouts":null},"after_unknown":{"allocation_id":true,"association_id":true,"auto_provision_zones":true,"auto_scaling_ips":true,"availability_mode":true,"availability_zone_address":[],"id":true,"network_interface_id":true,"private_ip":true,"public_ip":true,"regional_nat_gateway_address":true,"regional_nat_gateway_auto_mode":true,"route_table_id":true,"secondary_allocation_ids":true,"secondary_private_ip_address_count":true,"secondary_private_ip_addresses":true,"subnet_id":true,"tags":{},"tags_all":{},"vpc_id":true},"before_sensitive":false,"after_sensitive":{"availability_zone_address":[],"regional_nat_gateway_address":[],"secondary_allocation_ids":[],"secondary_private_ip_addresses":[],"tags":{},"tags_all":{}}}},{"address":"aws_nat_gateway.this[\"us-east-1b\"]","mode":"managed","type":"aws_nat_gateway","name":"this","index":"us-east-1b","provider_name":"registry.terraform.io/hashicorp/aws","change":{"actions":["create"],"before":null,"after":{"availability_zone_address":[],"connectivity_type":"public","region":"us-east-1","tags":{"Name":"wd-prediction-dev-nat-us-east-1b"},"tags_all":{"Environment":"dev","ManagedBy":"terraform","Name":"wd-prediction-dev-nat-us-east-1b","Project":"wd-prediction"},"timeouts":null},"after_unknown":{"allocation_id":true,"association_id":true,"auto_provision_zones":true,"auto_scaling_ips":true,"availability_mode":true,"availability_zone_address":[],"id":true,"network_interface_id":true,"private_ip":true,"public_ip":true,"regional_nat_gateway_address":true,"regional_nat_gateway_auto_mode":true,"route_table_id":true,"secondary_allocation_ids":true,"secondary_private_ip_address_count":true,"secondary_private_ip_addresses":true,"subnet_id":true,"tags":{},"tags_all":{},"vpc_id":true},"before_sensitive":false,"after_sensitive":{"availability_zone_address":[],"regional_nat_gateway_address":[],"secondary_allocation_ids":[],"secondary_private_ip_addresses":[],"tags":{},"tags_all":{}}}},{"address":"aws_route.private_nat[\"us-east-1a\"]","mode":"managed","type":"aws_route","name":"private_nat","index":"us-east-1a","provider_name":"registry.terraform.io/hashicorp/aws","change":{"actions":["create"],"before":null,"after":{"carrier_gateway_id":null,"core_network_arn":null,"destination_cidr_block":"0.0.0.0/0","destination_ipv6_cidr_block":null,"destination_prefix_list_id":null,"egress_only_gateway_id":null,"gateway_id":null,"local_gateway_id":null,"region":"us-east-1","timeouts":null,"transit_gateway_id":null,"vpc_endpoint_id":null,"vpc_peering_connection_id":null},"after_unknown":{"id":true,"instance_id":true,"instance_owner_id":true,"nat_gateway_id":true,"network_interface_id":true,"origin":true,"route_table_id":true,"state":true},"before_sensitive":false,"after_sensitive":{},"after_identity":{"account_id":null,"destination_cidr_block":null,"destination_ipv6_cidr_block":null,"destination_prefix_list_id":null,"region":null,"route_table_id":null}}},{"address":"aws_route.private_nat[\"us-east-1b\"]","mode":"managed","type":"aws_route","name":"private_nat","index":"us-east-1b","provider_name":"registry.terraform.io/hashicorp/aws","change":{"actions":["create"],"before":null,"after":{"carrier_gateway_id":null,"core_network_arn":null,"destination_cidr_block":"0.0.0.0/0","destination_ipv6_cidr_block":null,"destination_prefix_list_id":null,"egress_only_gateway_id":null,"gateway_id":null,"local_gateway_id":null,"region":"us-east-1","timeouts":null,"transit_gateway_id":null,"vpc_endpoint_id":null,"vpc_peering_connection_id":null},"after_unknown":{"id":true,"instance_id":true,"instance_owner_id":true,"nat_gateway_id":true,"network_interface_id":true,"origin":true,"route_table_id":true,"state":true},"before_sensitive":false,"after_sensitive":{},"after_identity":{"account_id":null,"destination_cidr_block":null,"destination_ipv6_cidr_block":null,"destination_prefix_list_id":null,"region":null,"route_table_id":null}}},{"address":"aws_route.public_internet","mode":"managed","type":"aws_route","name":"public_internet","provider_name":"registry.terraform.io/hashicorp/aws","change":{"actions":["create"],"before":null,"after":{"carrier_gateway_id":null,"core_network_arn":null,"destination_cidr_block":"0.0.0.0/0","destination_ipv6_cidr_block":null,"destination_prefix_list_id":null,"egress_only_gateway_id":null,"local_gateway_id":null,"nat_gateway_id":null,"region":"us-east-1","timeouts":null,"transit_gateway_id":null,"vpc_endpoint_id":null,"vpc_peering_connection_id":null},"after_unknown":{"gateway_id":true,"id":true,"instance_id":true,"instance_owner_id":true,"network_interface_id":true,"origin":true,"route_table_id":true,"state":true},"before_sensitive":false,"after_sensitive":{},"after_identity":{"account_id":null,"destination_cidr_block":null,"destination_ipv6_cidr_block":null,"destination_prefix_list_id":null,"region":null,"route_table_id":null}}},{"address":"aws_route_table.private[\"us-east-1a\"]","mode":"managed","type":"aws_route_table","name":"private","index":"us-east-1a","provider_name":"registry.terraform.io/hashicorp/aws","change":{"actions":["create"],"before":null,"after":{"region":"us-east-1","tags":{"Name":"wd-prediction-dev-private-rt-us-east-1a"},"tags_all":{"Environment":"dev","ManagedBy":"terraform","Name":"wd-prediction-dev-private-rt-us-east-1a","Project":"wd-prediction"},"timeouts":null},"after_unknown":{"arn":true,"id":true,"owner_id":true,"propagating_vgws":true,"route":true,"tags":{},"tags_all":{},"vpc_id":true},"before_sensitive":false,"after_sensitive":{"propagating_vgws":[],"route":[],"tags":{},"tags_all":{}},"after_identity":{"account_id":null,"id":null,"region":null}}},{"address":"aws_route_table.private[\"us-east-1b\"]","mode":"managed","type":"aws_route_table","name":"private","index":"us-east-1b","provider_name":"registry.terraform.io/hashicorp/aws","change":{"actions":["create"],"before":null,"after":{"region":"us-east-1","tags":{"Name":"wd-prediction-dev-private-rt-us-east-1b"},"tags_all":{"Environment":"dev","ManagedBy":"terraform","Name":"wd-prediction-dev-private-rt-us-east-1b","Project":"wd-prediction"},"timeouts":null},"after_unknown":{"arn":true,"id":true,"owner_id":true,"propagating_vgws":true,"route":true,"tags":{},"tags_all":{},"vpc_id":true},"before_sensitive":false,"after_sensitive":{"propagating_vgws":[],"route":[],"tags":{},"tags_all":{}},"after_identity":{"account_id":null,"id":null,"region":null}}},{"address":"aws_route_table.public","mode":"managed","type":"aws_route_table","name":"public","provider_name":"registry.terraform.io/hashicorp/aws","change":{"actions":["create"],"before":null,"after":{"region":"us-east-1","tags":{"Name":"wd-prediction-dev-public-rt"},"tags_all":{"Environment":"dev","ManagedBy":"terraform","Name":"wd-prediction-dev-public-rt","Project":"wd-prediction"},"timeouts":null},"after_unknown":{"arn":true,"id":true,"owner_id":true,"propagating_vgws":true,"route":true,"tags":{},"tags_all":{},"vpc_id":true},"before_sensitive":false,"after_sensitive":{"propagating_vgws":[],"route":[],"tags":{},"tags_all":{}},"after_identity":{"account_id":null,"id":null,"region":null}}},{"address":"aws_route_table_association.private[\"us-east-1a\"]","mode":"managed","type":"aws_route_table_association","name":"private","index":"us-east-1a","provider_name":"registry.terraform.io/hashicorp/aws","change":{"actions":["create"],"before":null,"after":{"gateway_id":null,"region":"us-east-1","timeouts":null},"after_unknown":{"id":true,"route_table_id":true,"subnet_id":true},"before_sensitive":false,"after_sensitive":{}}},{"address":"aws_route_table_association.private[\"us-east-1b\"]","mode":"managed","type":"aws_route_table_association","name":"private","index":"us-east-1b","provider_name":"registry.terraform.io/hashicorp/aws","change":{"actions":["create"],"before":null,"after":{"gateway_id":null,"region":"us-east-1","timeouts":null},"after_unknown":{"id":true,"route_table_id":true,"subnet_id":true},"before_sensitive":false,"after_sensitive":{}}},{"address":"aws_route_table_association.public[\"us-east-1a\"]","mode":"managed","type":"aws_route_table_association","name":"public","index":"us-east-1a","provider_name":"registry.terraform.io/hashicorp/aws","change":{"actions":["create"],"before":null,"after":{"gateway_id":null,"region":"us-east-1","timeouts":null},"after_unknown":{"id":true,"route_table_id":true,"subnet_id":true},"before_sensitive":false,"after_sensitive":{}}},{"address":"aws_route_table_association.public[\"us-east-1b\"]","mode":"managed","type":"aws_route_table_association","name":"public","index":"us-east-1b","provider_name":"registry.terraform.io/hashicorp/aws","change":{"actions":["create"],"before":null,"after":{"gateway_id":null,"region":"us-east-1","timeouts":null},"after_unknown":{"id":true,"route_table_id":true,"subnet_id":true},"before_sensitive":false,"after_sensitive":{}}},{"address":"aws_security_group.eks_cluster","mode":"managed","type":"aws_security_group","name":"eks_cluster","provider_name":"registry.terraform.io/hashicorp/aws","change":{"actions":["create"],"before":null,"after":{"description":"EKS cluster security group","egress":[{"cidr_blocks":["0.0.0.0/0"],"description":"","from_port":0,"ipv6_cidr_blocks":[],"prefix_list_ids":[],"protocol":"-1","security_groups":[],"self":false,"to_port":0}],"name":"wd-prediction-dev-eks-cluster-sg","region":"us-east-1","revoke_rules_on_delete":false,"tags":{"Name":"wd-prediction-dev-eks-cluster-sg"},"tags_all":{"Environment":"dev","ManagedBy":"terraform","Name":"wd-prediction-dev-eks-cluster-sg","Project":"wd-prediction"},"timeouts":null},"after_unknown":{"arn":true,"egress":[{"cidr_blocks":[false],"ipv6_cidr_blocks":[],"prefix_list_ids":[],"security_groups":[]}],"id":true,"ingress":true,"name_prefix":true,"owner_id":true,"tags":{},"tags_all":{},"vpc_id":true},"before_sensitive":false,"after_sensitive":{"egress":[{"cidr_blocks":[false],"ipv6_cidr_blocks":[],"prefix_list_ids":[],"security_groups":[]}],"ingress":[],"tags":{},"tags_all":{}},"after_identity":{"account_id":null,"id":null,"region":null}}},{"address":"aws_security_group.eks_nodes","mode":"managed","type":"aws_security_group","name":"eks_nodes","provider_name":"registry.terraform.io/hashicorp/aws","change":{"actions":["create"],"before":null,"after":{"description":"EKS worker nodes security group","egress":[{"cidr_blocks":["0.0.0.0/0"],"description":"","from_port":0,"ipv6_cidr_blocks":[],"prefix_list_ids":[],"protocol":"-1","security_groups":[],"self":false,"to_port":0}],"ingress":[{"cidr_blocks":[],"description":"Control plane to nodes","from_port":0,"ipv6_cidr_blocks":[],"prefix_list_ids":[],"protocol":"-1","self":false,"to_port":0},{"cidr_blocks":[],"description":"Node to node","from_port":0,"ipv6_cidr_blocks":[],"prefix_list_ids":[],"protocol":"-1","security_groups":[],"self":true,"to_port":0}],"name":"wd-prediction-dev-eks-nodes-sg","region":"us-east-1","revoke_rules_on_delete":false,"tags":{"Name":"wd-prediction-dev-eks-nodes-sg"},"tags_all":{"Environment":"dev","ManagedBy":"terraform","Name":"wd-prediction-dev-eks-nodes-sg","Project":"wd-prediction"},"timeouts":null},"after_unknown":{"arn":true,"egress":[{"cidr_blocks":[false],"ipv6_cidr_blocks":[],"prefix_list_ids":[],"security_groups":[]}],"id":true,"ingress":[{"cidr_blocks":[],"ipv6_cidr_blocks":[],"prefix_list_ids":[],"security_groups":true},{"cidr_blocks":[],"ipv6_cidr_blocks":[],"prefix_list_ids":[],"security_groups":[]}],"name_prefix":true,"owner_id":true,"tags":{},"tags_all":{},"vpc_id":true},"before_sensitive":false,"after_sensitive":{"egress":[{"cidr_blocks":[false],"ipv6_cidr_blocks":[],"prefix_list_ids":[],"security_groups":[]}],"ingress":[{"cidr_blocks":[],"ipv6_cidr_blocks":[],"prefix_list_ids":[],"security_groups":[]},{"cidr_blocks":[],"ipv6_cidr_blocks":[],"prefix_list_ids":[],"security_groups":[]}],"tags":{},"tags_all":{}},"after_identity":{"account_id":null,"id":null,"region":null}}},{"address":"aws_subnet.private[\"us-east-1a\"]","mode":"managed","type":"aws_subnet","name":"private","index":"us-east-1a","provider_name":"registry.terraform.io/hashicorp/aws","change":{"actions":["create"],"before":null,"after":{"assign_ipv6_address_on_creation":false,"availability_zone":"us-east-1a","cidr_block":"10.0.10.0/24","customer_owned_ipv4_pool":null,"enable_dns64":false,"enable_lni_at_device_index":null,"enable_resource_name_dns_a_record_on_launch":false,"enable_resource_name_dns_aaaa_record_on_launch":false,"ipv6_cidr_block":null,"ipv6_native":false,"map_customer_owned_ip_on_launch":null,"map_public_ip_on_launch":false,"outpost_arn":null,"region":"us-east-1","tags":{"Name":"wd-prediction-dev-private-us-east-1a","kubernetes.io/role/internal-elb":"1"},"tags_all":{"Environment":"dev","ManagedBy":"terraform","Name":"wd-prediction-dev-private-us-east-1a","Project":"wd-prediction","kubernetes.io/role/internal-elb":"1"},"timeouts":null},"after_unknown":{"arn":true,"availability_zone_id":true,"id":true,"ipv6_cidr_block_association_id":true,"owner_id":true,"private_dns_hostname_type_on_launch":true,"tags":{},"tags_all":{},"vpc_id":true},"before_sensitive":false,"after_sensitive":{"tags":{},"tags_all":{}},"after_identity":{"account_id":null,"id":null,"region":null}}},{"address":"aws_subnet.private[\"us-east-1b\"]","mode":"managed","type":"aws_subnet","name":"private","index":"us-east-1b","provider_name":"registry.terraform.io/hashicorp/aws","change":{"actions":["create"],"before":null,"after":{"assign_ipv6_address_on_creation":false,"availability_zone":"us-east-1b","cidr_block":"10.0.11.0/24","customer_owned_ipv4_pool":null,"enable_dns64":false,"enable_lni_at_device_index":null,"enable_resource_name_dns_a_record_on_launch":false,"enable_resource_name_dns_aaaa_record_on_launch":false,"ipv6_cidr_block":null,"ipv6_native":false,"map_customer_owned_ip_on_launch":null,"map_public_ip_on_launch":false,"outpost_arn":null,"region":"us-east-1","tags":{"Name":"wd-prediction-dev-private-us-east-1b","kubernetes.io/role/internal-elb":"1"},"tags_all":{"Environment":"dev","ManagedBy":"terraform","Name":"wd-prediction-dev-private-us-east-1b","Project":"wd-prediction","kubernetes.io/role/internal-elb":"1"},"timeouts":null},"after_unknown":{"arn":true,"availability_zone_id":true,"id":true,"ipv6_cidr_block_association_id":true,"owner_id":true,"private_dns_hostname_type_on_launch":true,"tags":{},"tags_all":{},"vpc_id":true},"before_sensitive":false,"after_sensitive":{"tags":{},"tags_all":{}},"after_identity":{"account_id":null,"id":null,"region":null}}},{"address":"aws_subnet.public[\"us-east-1a\"]","mode":"managed","type":"aws_subnet","name":"public","index":"us-east-1a","provider_name":"registry.terraform.io/hashicorp/aws","change":{"actions":["create"],"before":null,"after":{"assign_ipv6_address_on_creation":false,"availability_zone":"us-east-1a","cidr_block":"10.0.0.0/24","customer_owned_ipv4_pool":null,"enable_dns64":false,"enable_lni_at_device_index":null,"enable_resource_name_dns_a_record_on_launch":false,"enable_resource_name_dns_aaaa_record_on_launch":false,"ipv6_cidr_block":null,"ipv6_native":false,"map_customer_owned_ip_on_launch":null,"map_public_ip_on_launch":true,"outpost_arn":null,"region":"us-east-1","tags":{"Name":"wd-prediction-dev-public-us-east-1a","kubernetes.io/role/elb":"1"},"tags_all":{"Environment":"dev","ManagedBy":"terraform","Name":"wd-prediction-dev-public-us-east-1a","Project":"wd-prediction","kubernetes.io/role/elb":"1"},"timeouts":null},"after_unknown":{"arn":true,"availability_zone_id":true,"id":true,"ipv6_cidr_block_association_id":true,"owner_id":true,"private_dns_hostname_type_on_launch":true,"tags":{},"tags_all":{},"vpc_id":true},"before_sensitive":false,"after_sensitive":{"tags":{},"tags_all":{}},"after_identity":{"account_id":null,"id":null,"region":null}}},{"address":"aws_subnet.public[\"us-east-1b\"]","mode":"managed","type":"aws_subnet","name":"public","index":"us-east-1b","provider_name":"registry.terraform.io/hashicorp/aws","change":{"actions":["create"],"before":null,"after":{"assign_ipv6_address_on_creation":false,"availability_zone":"us-east-1b","cidr_block":"10.0.1.0/24","customer_owned_ipv4_pool":null,"enable_dns64":false,"enable_lni_at_device_index":null,"enable_resource_name_dns_a_record_on_launch":false,"enable_resource_name_dns_aaaa_record_on_launch":false,"ipv6_cidr_block":null,"ipv6_native":false,"map_customer_owned_ip_on_launch":null,"map_public_ip_on_launch":true,"outpost_arn":null,"region":"us-east-1","tags":{"Name":"wd-prediction-dev-public-us-east-1b","kubernetes.io/role/elb":"1"},"tags_all":{"Environment":"dev","ManagedBy":"terraform","Name":"wd-prediction-dev-public-us-east-1b","Project":"wd-prediction","kubernetes.io/role/elb":"1"},"timeouts":null},"after_unknown":{"arn":true,"availability_zone_id":true,"id":true,"ipv6_cidr_block_association_id":true,"owner_id":true,"private_dns_hostname_type_on_launch":true,"tags":{},"tags_all":{},"vpc_id":true},"before_sensitive":false,"after_sensitive":{"tags":{},"tags_all":{}},"after_identity":{"account_id":null,"id":null,"region":null}}},{"address":"aws_vpc.this","mode":"managed","type":"aws_vpc","name":"this","provider_name":"registry.terraform.io/hashicorp/aws","change":{"actions":["create"],"before":null,"after":{"assign_generated_ipv6_cidr_block":null,"cidr_block":"10.0.0.0/16","enable_dns_hostnames":true,"enable_dns_support":true,"instance_tenancy":"default","ipv4_ipam_pool_id":null,"ipv4_netmask_length":null,"ipv6_ipam_pool_id":null,"ipv6_netmask_length":null,"region":"us-east-1","tags":{"Name":"wd-prediction-dev"},"tags_all":{"Environment":"dev","ManagedBy":"terraform","Name":"wd-prediction-dev","Project":"wd-prediction"}},"after_unknown":{"arn":true,"default_network_acl_id":true,"default_route_table_id":true,"default_security_group_id":true,"dhcp_options_id":true,"enable_network_address_usage_metrics":true,"id":true,"ipv6_association_id":true,"ipv6_cidr_block":true,"ipv6_cidr_block_network_border_group":true,"main_route_table_id":true,"owner_id":true,"tags":{},"tags_all":{}},"before_sensitive":false,"after_sensitive":{"tags":{},"tags_all":{}},"after_identity":{"account_id":null,"id":null,"region":null}}},{"address":"helm_release.aws_load_balancer_controller","mode":"managed","type":"helm_release","name":"aws_load_balancer_controller","provider_name":"registry.terraform.io/hashicorp/helm","change":{"actions":["create"],"before":null,"after":{"atomic":false,"chart":"aws-load-balancer-controller","cleanup_on_fail":false,"create_namespace":false,"dependency_update":false,"description":null,"devel":null,"disable_crd_hooks":false,"disable_openapi_validation":false,"disable_webhooks":false,"force_update":false,"keyring":null,"lint":false,"manifest":null,"max_history":0,"name":"aws-load-balancer-controller","namespace":"kube-system","pass_credentials":false,"postrender":null,"recreate_pods":false,"render_subchart_notes":true,"replace":false,"repository":"https://aws.github.io/eks-charts","repository_ca_file":null,"repository_cert_file":null,"repository_key_file":null,"repository_password":null,"repository_username":null,"reset_values":false,"resources":null,"reuse_values":false,"set":null,"set_list":null,"set_sensitive":null,"set_wo":null,"set_wo_revision":null,"skip_crds":false,"status":"deployed","take_ownership":false,"timeout":300,"timeouts":null,"upgrade_install":false,"values":[null],"verify":false,"version":"1.17.1","wait":true,"wait_for_jobs":false},"after_unknown":{"id":true,"metadata":true,"values":[true]},"before_sensitive":false,"after_sensitive":{"metadata":{},"repository_password":true,"values":[false]}}},{"address":"kubernetes_deployment_v1.app","mode":"managed","type":"kubernetes_deployment_v1","name":"app","provider_name":"registry.terraform.io/hashicorp/kubernetes","change":{"actions":["create"],"before":null,"after":{"metadata":[{"annotations":null,"generate_name":null,"labels":{"app":"wd-prediction"},"name":"wd-prediction","namespace":"wd-prediction"}],"spec":[{"min_ready_seconds":0,"paused":false,"progress_deadline_seconds":600,"replicas":"6","revision_history_limit":10,"selector":[{"match_expressions":[],"match_labels":{"app":"wd-prediction"}}],"template":[{"metadata":[{"annotations":null,"generate_name":null,"labels":{"app":"wd-prediction"},"namespace":null}],"spec":[{"active_deadline_seconds":null,"affinity":[],"automount_service_account_token":true,"container":[{"args":null,"command":null,"env":[],"env_from":[],"image":"yash5090/wd-prediction:latest","image_pull_policy":"Always","lifecycle":[],"liveness_probe":[{"exec":[],"failure_threshold":3,"grpc":[],"http_get":[{"host":null,"http_header":[],"path":"/","port":"5000","scheme":"HTTP"}],"initial_delay_seconds":10,"period_seconds":10,"success_threshold":1,"tcp_socket":[],"timeout_seconds":1}],"name":"wd-prediction","port":[{"container_port":5000,"host_ip":null,"host_port":null,"name":null,"protocol":"TCP"}],"readiness_probe":[{"exec":[],"failure_threshold":3,"grpc":[],"http_get":[{"host":null,"http_header":[],"path":"/","port":"5000","scheme":"HTTP"}],"initial_delay_seconds":5,"period_seconds":5,"success_threshold":1,"tcp_socket":[],"timeout_seconds":1}],"resources":[{"limits":{"cpu":"250m","memory":"256Mi"},"requests":{"cpu":"50m","memory":"64Mi"}}],"security_context":[],"startup_probe":[],"stdin":false,"stdin_once":false,"termination_message_path":"/dev/termination-log","tty":false,"volume_device":[],"volume_mount":[],"working_dir":null}],"dns_config":[],"dns_policy":"ClusterFirst","enable_service_links":true,"host_aliases":[],"host_ipc":false,"host_network":false,"host_pid":false,"init_container":[],"node_selector":null,"os":[],"priority_class_name":null,"restart_policy":"Always","runtime_class_name":null,"security_context":[],"share_process_namespace":false,"subdomain":null,"termination_grace_period_seconds":30,"toleration":[],"topology_spread_constraint":[],"volume":[]}]}]}],"timeouts":null,"wait_for_rollout":true},"after_unknown":{"id":true,"metadata":[{"generation":true,"labels":{},"resource_version":true,"uid":true}],"spec":[{"selector":[{"match_expressions":[],"match_labels":{}}],"strategy":true,"template":[{"metadata":[{"generation":true,"labels":{},"name":true,"resource_version":true,"uid":true}],"spec":[{"affinity":[],"container":[{"env":[],"env_from":[],"lifecycle":[],"liveness_probe":[{"exec":[],"grpc":[],"http_get":[{"http_header":[]}],"tcp_socket":[]}],"port":[{}],"readiness_probe":[{"exec":[],"grpc":[],"http_get":[{"http_header":[]}],"tcp_socket":[]}],"resources":[{"limits":{},"requests":{}}],"restart_policy":true,"security_context":[],"startup_probe":[],"termination_message_policy":true,"volume_device":[],"volume_mount":[]}],"dns_config":[],"host_aliases":[],"hostname":true,"image_pull_secrets":true,"init_container":[],"node_name":true,"os":[],"readiness_gate":true,"scheduler_name":true,"security_context":[],"service_account_name":true,"toleration":[],"topology_spread_constraint":[],"volume":[]}]}]}]},"before_sensitive":false,"after_sensitive":{"metadata":[{"labels":{}}],"spec":[{"selector":[{"match_expressions":[],"match_labels":{}}],"strategy":[],"template":[{"metadata":[{"labels":{}}],"spec":[{"affinity":[],"container":[{"env":[],"env_from":[],"lifecycle":[],"liveness_probe":[{"exec":[],"grpc":[],"http_get":[{"http_header":[]}],"tcp_socket":[]}],"port":[{}],"readiness_probe":[{"exec":[],"grpc":[],"http_get":[{"http_header":[]}],"tcp_socket":[]}],"resources":[{"limits":{},"requests":{}}],"security_context":[],"startup_probe":[],"volume_device":[],"volume_mount":[]}],"dns_config":[],"host_aliases":[],"image_pull_secrets":[],"init_container":[],"os":[],"readiness_gate":[],"security_context":[],"toleration":[],"topology_spread_constraint":[],"volume":[]}]}]}]}}},{"address":"kubernetes_ingress_v1.app","mode":"managed","type":"kubernetes_ingress_v1","name":"app","provider_name":"registry.terraform.io/hashicorp/kubernetes","change":{"actions":["create"],"before":null,"after":{"metadata":[{"annotations":{"alb.ingress.kubernetes.io/listen-ports":"[{\"HTTP\":80}]","alb.ingress.kubernetes.io/scheme":"internet-facing","alb.ingress.kubernetes.io/target-type":"ip","kubernetes.io/ingress.class":"alb"},"generate_name":null,"labels":null,"name":"wd-prediction","namespace":"wd-prediction"}],"spec":[{"default_backend":[],"rule":[{"host":null,"http":[{"path":[{"backend":[{"resource":[],"service":[{"name":"wd-prediction","port":[{"name":null,"number":5000}]}]}],"path":"/","path_type":"Prefix"}]}]}],"tls":[]}],"timeouts":null,"wait_for_load_balancer":null},"after_unknown":{"id":true,"metadata":[{"annotations":{},"generation":true,"resource_version":true,"uid":true}],"spec":[{"default_backend":[],"ingress_class_name":true,"rule":[{"http":[{"path":[{"backend":[{"resource":[],"service":[{"port":[{}]}]}]}]}]}],"tls":[]}],"status":true},"before_sensitive":false,"after_sensitive":{"metadata":[{"annotations":{}}],"spec":[{"default_backend":[],"rule":[{"http":[{"path":[{"backend":[{"resource":[],"service":[{"port":[{}]}]}]}]}]}],"tls":[]}],"status":[]}}},{"address":"kubernetes_namespace_v1.app","mode":"managed","type":"kubernetes_namespace_v1","name":"app","provider_name":"registry.terraform.io/hashicorp/kubernetes","change":{"actions":["create"],"before":null,"after":{"metadata":[{"annotations":null,"generate_name":null,"labels":null,"name":"wd-prediction"}],"timeouts":null,"wait_for_default_service_account":false},"after_unknown":{"id":true,"metadata":[{"generation":true,"resource_version":true,"uid":true}]},"before_sensitive":false,"after_sensitive":{"metadata":[{}]}}},{"address":"kubernetes_service_account_v1.alb_controller","mode":"managed","type":"kubernetes_service_account_v1","name":"alb_controller","provider_name":"registry.terraform.io/hashicorp/kubernetes","change":{"actions":["create"],"before":null,"after":{"automount_service_account_token":true,"image_pull_secret":[],"metadata":[{"generate_name":null,"labels":{"app.kubernetes.io/name":"aws-load-balancer-controller"},"name":"aws-load-balancer-controller","namespace":"kube-system"}],"secret":[],"timeouts":null},"after_unknown":{"default_secret_name":true,"id":true,"image_pull_secret":[],"metadata":[{"annotations":true,"generation":true,"labels":{},"resource_version":true,"uid":true}],"secret":[]},"before_sensitive":false,"after_sensitive":{"image_pull_secret":[],"metadata":[{"annotations":{},"labels":{}}],"secret":[]}}},{"address":"kubernetes_service_v1.app","mode":"managed","type":"kubernetes_service_v1","name":"app","provider_name":"registry.terraform.io/hashicorp/kubernetes","change":{"actions":["create"],"before":null,"after":{"metadata":[{"annotations":null,"generate_name":null,"labels":{"app":"wd-prediction"},"name":"wd-prediction","namespace":"wd-prediction"}],"spec":[{"allocate_load_balancer_node_ports":true,"external_ips":null,"external_name":null,"load_balancer_class":null,"load_balancer_ip":null,"load_balancer_source_ranges":null,"port":[{"app_protocol":null,"name":null,"port":5000,"protocol":"TCP","target_port":"5000"}],"publish_not_ready_addresses":false,"selector":{"app":"wd-prediction"},"session_affinity":"None","type":"ClusterIP"}],"timeouts":null,"wait_for_load_balancer":true},"after_unknown":{"id":true,"metadata":[{"generation":true,"labels":{},"resource_version":true,"uid":true}],"spec":[{"cluster_ip":true,"cluster_ips":true,"external_traffic_policy":true,"health_check_node_port":true,"internal_traffic_policy":true,"ip_families":true,"ip_family_policy":true,"port":[{"node_port":true}],"selector":{},"session_affinity_config":true}],"status":true},"before_sensitive":false,"after_sensitive":{"metadata":[{"labels":{}}],"spec":[{"cluster_ips":[],"ip_families":[],"port":[{}],"selector":{},"session_affinity_config":[]}],"status":[]}}}],"output_changes":{"app_ingress_hostname":{"actions":["create"],"before":null,"after_unknown":true,"before_sensitive":false,"after_sensitive":false},"ecr_repository_url":{"actions":["create"],"before":null,"after_unknown":true,"before_sensitive":false,"after_sensitive":false},"eks_cluster_endpoint":{"actions":["create"],"before":null,"after_unknown":true,"before_sensitive":false,"after_sensitive":false},"eks_cluster_name":{"actions":["create"],"before":null,"after":"wd-prediction-dev-eks","after_unknown":false,"before_sensitive":false,"after_sensitive":false},"vpc_id":{"actions":["create"],"before":null,"after_unknown":true,"before_sensitive":false,"after_sensitive":false}},"prior_state":{"format_version":"1.0","terraform_version":"1.13.5","values":{"outputs":{"eks_cluster_name":{"sensitive":false,"value":"wd-prediction-dev-eks","type":"string"}},"root_module":{"resources":[{"address":"data.aws_availability_zones.available","mode":"data","type":"aws_availability_zones","name":"available","provider_name":"registry.terraform.io/hashicorp/aws","schema_version":0,"values":{"all_availability_zones":null,"exclude_names":null,"exclude_zone_ids":null,"filter":null,"group_names":[""],"id":"us-east-1","names":["us-east-1a","us-east-1b","us-east-1c","us-east-1d","us-east-1e","us-east-1f"],"region":"us-east-1","state":"available","timeouts":null,"zone_ids":["use1-az6","use1-az1","use1-az2","use1-az4","use1-az3","use1-az5"]},"sensitive_values":{"group_names":[false],"names":[false,false,false,false,false,false],"zone_ids":[false,false,false,false,false,false]}},{"address":"data.aws_iam_policy_document.eks_cluster_assume","mode":"data","type":"aws_iam_policy_document","name":"eks_cluster_assume","provider_name":"registry.terraform.io/hashicorp/aws","schema_version":0,"values":{"id":"3552664922","json":"{\n  \"Version\": \"2012-10-17\",\n  \"Statement\": [\n    {\n      \"Effect\": \"Allow\",\n      \"Action\": \"sts:AssumeRole\",\n      \"Principal\": {\n        \"Service\": \"eks.amazonaws.com\"\n      }\n    }\n  ]\n}","minified_json":"{\"Version\":\"2012-10-17\",\"Statement\":[{\"Effect\":\"Allow\",\"Action\":\"sts:AssumeRole\",\"Principal\":{\"Service\":\"eks.amazonaws.com\"}}]}","override_json":null,"override_policy_documents":null,"policy_id":null,"source_json":null,"source_policy_documents":null,"statement":[{"actions":["sts:AssumeRole"],"condition":[],"effect":"Allow","not_actions":[],"not_principals":[],"not_resources":[],"principals":[{"identifiers":["eks.amazonaws.com"],"type":"Service"}],"resources":[],"sid":""}],"version":"2012-10-17"},"sensitive_values":{"statement":[{"actions":[false],"condition":[],"not_actions":[],"not_principals":[],"not_resources":[],"principals":[{"identifiers":[false]}],"resources":[]}]}},{"address":"data.aws_iam_policy_document.eks_node_assume","mode":"data","type":"aws_iam_policy_document","name":"eks_node_assume","provider_name":"registry.terraform.io/hashicorp/aws","schema_version":0,"values":{"id":"2851119427","json":"{\n  \"Version\": \"2012-10-17\",\n  \"Statement\": [\n    {\n      \"Effect\": \"Allow\",\n      \"Action\": \"sts:AssumeRole\",\n      \"Principal\": {\n        \"Service\": \"ec2.amazonaws.com\"\n      }\n    }\n  ]\n}","minified_json":"{\"Version\":\"2012-10-17\",\"Statement\":[{\"Effect\":\"Allow\",\"Action\":\"sts:AssumeRole\",\"Principal\":{\"Service\":\"ec2.amazonaws.com\"}}]}","override_json":null,"override_policy_documents":null,"policy_id":null,"source_json":null,"source_policy_documents":null,"statement":[{"actions":["sts:AssumeRole"],"condition":[],"effect":"Allow","not_actions":[],"not_principals":[],"not_resources":[],"principals":[{"identifiers":["ec2.amazonaws.com"],"type":"Service"}],"resources":[],"sid":""}],"version":"2012-10-17"},"sensitive_values":{"statement":[{"actions":[false],"condition":[],"not_actions":[],"not_principals":[],"not_resources":[],"principals":[{"identifiers":[false]}],"resources":[]}]}}]}}},"configuration":{"provider_config":{"aws":{"name":"aws","full_name":"registry.terraform.io/hashicorp/aws","version_constraint":"~\u003e 6.28","expressions":{"default_tags":[{"tags":{"references":["var.project_name","var.environment","var.tags"]}}],"region":{"references":["var.aws_region"]}}},"helm":{"name":"helm","full_name":"registry.terraform.io/hashicorp/helm","version_constraint":"~\u003e 3.1","expressions":{"kubernetes":{"references":["module.eks.cluster_endpoint","module.eks","module.eks.cluster_certificate_authority_data","module.eks","data.aws_eks_cluster_auth.this.token","data.aws_eks_cluster_auth.this"]}}},"kubernetes":{"name":"kubernetes","full_name":"registry.terraform.io/hashicorp/kubernetes","version_constraint":"~\u003e 3.0","expressions":{"cluster_ca_certificate":{"references":["module.eks.cluster_certificate_authority_data","module.eks"]},"host":{"references":["module.eks.cluster_endpoint","module.eks"]},"token":{"references":["data.aws_eks_cluster_auth.this.token","data.aws_eks_cluster_auth.this"]}}},"tls":{"name":"tls","full_name":"registry.terraform.io/hashicorp/tls","version_constraint":"~\u003e 4.0"}},"root_module":{"outputs":{"app_ingress_hostname":{"expression":{"references":["kubernetes_ingress_v1.app.status[0].load_balancer[0].ingress[0].hostname","kubernetes_ingress_v1.app.status[0].load_balancer[0].ingress[0]","kubernetes_ingress_v1.app.status[0].load_balancer[0].ingress","kubernetes_ingress_v1.app.status[0].load_balancer[0]","kubernetes_ingress_v1.app.status[0].load_balancer","kubernetes_ingress_v1.app.status[0]","kubernetes_ingress_v1.app.status","kubernetes_ingress_v1.app"]},"description":"ALB DNS name created by the AWS Load Balancer Controller (once provisioned)."},"ecr_repository_url":{"expression":{"references":["var.enable_ecr","aws_ecr_repository.app[0].repository_url","aws_ecr_repository.app[0]","aws_ecr_repository.app"]},"description":"ECR repository URL (if created)."},"eks_cluster_endpoint":{"expression":{"references":["aws_eks_cluster.this.endpoint","aws_eks_cluster.this"]}},"eks_cluster_name":{"expression":{"references":["aws_eks_cluster.this.name","aws_eks_cluster.this"]}},"vpc_id":{"expression":{"references":["aws_vpc.this.id","aws_vpc.this"]}}},"resources":[{"address":"aws_ecr_lifecycle_policy.app","mode":"managed","type":"aws_ecr_lifecycle_policy","name":"app","provider_config_key":"aws","expressions":{"policy":{},"repository":{"references":["aws_ecr_repository.app[0].name","aws_ecr_repository.app[0]","aws_ecr_repository.app"]}},"schema_version":0,"count_expression":{"references":["var.enable_ecr"]}},{"address":"aws_ecr_repository.app","mode":"managed","type":"aws_ecr_repository","name":"app","provider_config_key":"aws","expressions":{"encryption_configuration":[{"encryption_type":{"constant_value":"AES256"}}],"image_scanning_configuration":[{"scan_on_push":{"constant_value":true}}],"image_tag_mutability":{"constant_value":"MUTABLE"},"name":{"references":["var.ecr_repository_name"]},"tags":{"references":["local.name"]}},"schema_version":0,"count_expression":{"references":["var.enable_ecr"]}},{"address":"aws_eip.nat","mode":"managed","type":"aws_eip","name":"nat","provider_config_key":"aws","expressions":{"domain":{"constant_value":"vpc"},"tags":{"references":["local.name","each.key"]}},"schema_version":0,"for_each_expression":{"references":["aws_subnet.public"]}},{"address":"aws_eks_cluster.this","mode":"managed","type":"aws_eks_cluster","name":"this","provider_config_key":"aws","expressions":{"enabled_cluster_log_types":{"constant_value":["api","audit","authenticator","controllerManager","scheduler"]},"name":{"references":["local.name"]},"role_arn":{"references":["aws_iam_role.eks_cluster.arn","aws_iam_role.eks_cluster"]},"tags":{"references":["local.name"]},"version":{"references":["var.cluster_version"]},"vpc_config":[{"endpoint_private_access":{"constant_value":false},"endpoint_public_access":{"constant_value":true},"security_group_ids":{"references":["aws_security_group.eks_cluster.id","aws_security_group.eks_cluster"]},"subnet_ids":{"references":["aws_subnet.public","aws_subnet.private"]}}]},"schema_version":1,"depends_on":["aws_iam_role_policy_attachment.eks_cluster_AmazonEKSClusterPolicy","aws_iam_role_policy_attachment.eks_cluster_AmazonEKSServicePolicy"]},{"address":"aws_eks_node_group.default","mode":"managed","type":"aws_eks_node_group","name":"default","provider_config_key":"aws","expressions":{"capacity_type":{"constant_value":"ON_DEMAND"},"cluster_name":{"references":["aws_eks_cluster.this.name","aws_eks_cluster.this"]},"instance_types":{"references":["var.node_instance_types"]},"node_group_name":{"references":["local.name"]},"node_role_arn":{"references":["aws_iam_role.eks_node.arn","aws_iam_role.eks_node"]},"scaling_config":[{"desired_size":{"references":["var.node_desired_size"]},"max_size":{"references":["var.node_max_size"]},"min_size":{"references":["var.node_min_size"]}}],"subnet_ids":{"references":["aws_subnet.private"]},"tags":{"references":["local.name"]},"update_config":[{"max_unavailable":{"constant_value":1}}]},"schema_version":0,"depends_on":["aws_iam_role_policy_attachment.eks_node_AmazonEKSWorkerNodePolicy","aws_iam_role_policy_attachment.eks_node_AmazonEKS_CNI_Policy","aws_iam_role_policy_attachment.eks_node_AmazonEC2ContainerRegistryReadOnly"]},{"address":"aws_iam_instance_profile.eks_node","mode":"managed","type":"aws_iam_instance_profile","name":"eks_node","provider_config_key":"aws","expressions":{"name":{"references":["local.name"]},"role":{"references":["aws_iam_role.eks_node.name","aws_iam_role.eks_node"]}},"schema_version":0},{"address":"aws_iam_openid_connect_provider.eks","mode":"managed","type":"aws_iam_openid_connect_provider","name":"eks","provider_config_key":"aws","expressions":{"client_id_list":{"constant_value":["sts.amazonaws.com"]},"tags":{"references":["local.name"]},"thumbprint_list":{"references":["data.tls_certificate.eks.certificates[0].sha1_fingerprint","data.tls_certificate.eks.certificates[0]","data.tls_certificate.eks.certificates","data.tls_certificate.eks"]},"url":{"references":["aws_eks_cluster.this.identity[0].oidc[0].issuer","aws_eks_cluster.this.identity[0].oidc[0]","aws_eks_cluster.this.identity[0].oidc","aws_eks_cluster.this.identity[0]","aws_eks_cluster.this.identity","aws_eks_cluster.this"]}},"schema_version":0},{"address":"aws_iam_role.alb_controller","mode":"managed","type":"aws_iam_role","name":"alb_controller","provider_config_key":"aws","expressions":{"assume_role_policy":{"references":["data.aws_iam_policy_document.alb_controller_assume.json","data.aws_iam_policy_document.alb_controller_assume"]},"name":{"references":["local.name"]}},"schema_version":0},{"address":"aws_iam_role.eks_cluster","mode":"managed","type":"aws_iam_role","name":"eks_cluster","provider_config_key":"aws","expressions":{"assume_role_policy":{"references":["data.aws_iam_policy_document.eks_cluster_assume.json","data.aws_iam_policy_document.eks_cluster_assume"]},"name":{"references":["local.name"]}},"schema_version":0},{"address":"aws_iam_role.eks_node","mode":"managed","type":"aws_iam_role","name":"eks_node","provider_config_key":"aws","expressions":{"assume_role_policy":{"references":["data.aws_iam_policy_document.eks_node_assume.json","data.aws_iam_policy_document.eks_node_assume"]},"name":{"references":["local.name"]}},"schema_version":0},{"address":"aws_iam_role_policy_attachment.alb_controller","mode":"managed","type":"aws_iam_role_policy_attachment","name":"alb_controller","provider_config_key":"aws","expressions":{"policy_arn":{"constant_value":"arn:aws:iam::aws:policy/AWSLoadBalancerControllerIAMPolicy"},"role":{"references":["aws_iam_role.alb_controller.name","aws_iam_role.alb_controller"]}},"schema_version":0},{"address":"aws_iam_role_policy_attachment.eks_cluster_AmazonEKSClusterPolicy","mode":"managed","type":"aws_iam_role_policy_attachment","name":"eks_cluster_AmazonEKSClusterPolicy","provider_config_key":"aws","expressions":{"policy_arn":{"constant_value":"arn:aws:iam::aws:policy/AmazonEKSClusterPolicy"},"role":{"references":["aws_iam_role.eks_cluster.name","aws_iam_role.eks_cluster"]}},"schema_version":0},{"address":"aws_iam_role_policy_attachment.eks_cluster_AmazonEKSServicePolicy","mode":"managed","type":"aws_iam_role_policy_attachment","name":"eks_cluster_AmazonEKSServicePolicy","provider_config_key":"aws","expressions":{"policy_arn":{"constant_value":"arn:aws:iam::aws:policy/AmazonEKSServicePolicy"},"role":{"references":["aws_iam_role.eks_cluster.name","aws_iam_role.eks_cluster"]}},"schema_version":0},{"address":"aws_iam_role_policy_attachment.eks_node_AmazonEC2ContainerRegistryReadOnly","mode":"managed","type":"aws_iam_role_policy_attachment","name":"eks_node_AmazonEC2ContainerRegistryReadOnly","provider_config_key":"aws","expressions":{"policy_arn":{"constant_value":"arn:aws:iam::aws:policy/AmazonEC2ContainerRegistryReadOnly"},"role":{"references":["aws_iam_role.eks_node.name","aws_iam_role.eks_node"]}},"schema_version":0},{"address":"aws_iam_role_policy_attachment.eks_node_AmazonEKSWorkerNodePolicy","mode":"managed","type":"aws_iam_role_policy_attachment","name":"eks_node_AmazonEKSWorkerNodePolicy","provider_config_key":"aws","expressions":{"policy_arn":{"constant_value":"arn:aws:iam::aws:policy/AmazonEKSWorkerNodePolicy"},"role":{"references":["aws_iam_role.eks_node.name","aws_iam_role.eks_node"]}},"schema_version":0},{"address":"aws_iam_role_policy_attachment.eks_node_AmazonEKS_CNI_Policy","mode":"managed","type":"aws_iam_role_policy_attachment","name":"eks_node_AmazonEKS_CNI_Policy","provider_config_key":"aws","expressions":{"policy_arn":{"constant_value":"arn:aws:iam::aws:policy/AmazonEKS_CNI_Policy"},"role":{"references":["aws_iam_role.eks_node.name","aws_iam_role.eks_node"]}},"schema_version":0},{"address":"aws_internet_gateway.this","mode":"managed","type":"aws_internet_gateway","name":"this","provider_config_key":"aws","expressions":{"tags":{"references":["local.name"]},"vpc_id":{"references":["aws_vpc.this.id","aws_vpc.this"]}},"schema_version":0},{"address":"aws_nat_gateway.this","mode":"managed","type":"aws_nat_gateway","name":"this","provider_config_key":"aws","expressions":{"allocation_id":{"references":["aws_eip.nat","each.key"]},"subnet_id":{"references":["each.value.id","each.value"]},"tags":{"references":["local.name","each.key"]}},"schema_version":0,"for_each_expression":{"references":["aws_subnet.public"]},"depends_on":["aws_internet_gateway.this"]},{"address":"aws_route.private_nat","mode":"managed","type":"aws_route","name":"private_nat","provider_config_key":"aws","expressions":{"destination_cidr_block":{"constant_value":"0.0.0.0/0"},"nat_gateway_id":{"references":["aws_nat_gateway.this","each.key"]},"route_table_id":{"references":["each.value.id","each.value"]}},"schema_version":0,"for_each_expression":{"references":["aws_route_table.private"]}},{"address":"aws_route.public_internet","mode":"managed","type":"aws_route","name":"public_internet","provider_config_key":"aws","expressions":{"destination_cidr_block":{"constant_value":"0.0.0.0/0"},"gateway_id":{"references":["aws_internet_gateway.this.id","aws_internet_gateway.this"]},"route_table_id":{"references":["aws_route_table.public.id","aws_route_table.public"]}},"schema_version":0},{"address":"aws_route_table.private","mode":"managed","type":"aws_route_table","name":"private","provider_config_key":"aws","expressions":{"tags":{"references":["local.name","each.key"]},"vpc_id":{"references":["aws_vpc.this.id","aws_vpc.this"]}},"schema_version":0,"for_each_expression":{"references":["aws_subnet.private"]}},{"address":"aws_route_table.public","mode":"managed","type":"aws_route_table","name":"public","provider_config_key":"aws","expressions":{"tags":{"references":["local.name"]},"vpc_id":{"references":["aws_vpc.this.id","aws_vpc.this"]}},"schema_version":0},{"address":"aws_route_table_association.private","mode":"managed","type":"aws_route_table_association","name":"private","provider_config_key":"aws","expressions":{"route_table_id":{"references":["aws_route_table.private","each.key"]},"subnet_id":{"references":["each.value.id","each.value"]}},"schema_version":0,"for_each_expression":{"references":["aws_subnet.private"]}},{"address":"aws_route_table_association.public","mode":"managed","type":"aws_route_table_association","name":"public","provider_config_key":"aws","expressions":{"route_table_id":{"references":["aws_route_table.public.id","aws_route_table.public"]},"subnet_id":{"references":["each.value.id","each.value"]}},"schema_version":0,"for_each_expression":{"references":["aws_subnet.public"]}},{"address":"aws_security_group.eks_cluster","mode":"managed","type":"aws_security_group","name":"eks_cluster","provider_config_key":"aws","expressions":{"description":{"constant_value":"EKS cluster security group"},"egress":{"constant_value":[{"cidr_blocks":["0.0.0.0/0"],"description":null,"from_port":0,"ipv6_cidr_blocks":null,"prefix_list_ids":null,"protocol":"-1","security_groups":null,"self":null,"to_port":0}]},"name":{"references":["local.name"]},"tags":{"references":["local.name"]},"vpc_id":{"references":["aws_vpc.this.id","aws_vpc.this"]}},"schema_version":1},{"address":"aws_security_group.eks_nodes","mode":"managed","type":"aws_security_group","name":"eks_nodes","provider_config_key":"aws","expressions":{"description":{"constant_value":"EKS worker nodes security group"},"egress":{"constant_value":[{"cidr_blocks":["0.0.0.0/0"],"description":null,"from_port":0,"ipv6_cidr_blocks":null,"prefix_list_ids":null,"protocol":"-1","security_groups":null,"self":null,"to_port":0}]},"ingress":{"references":["aws_security_group.eks_cluster.id","aws_security_group.eks_cluster"]},"name":{"references":["local.name"]},"tags":{"references":["local.name"]},"vpc_id":{"references":["aws_vpc.this.id","aws_vpc.this"]}},"schema_version":1},{"address":"aws_subnet.private","mode":"managed","type":"aws_subnet","name":"private","provider_config_key":"aws","expressions":{"availability_zone":{"references":["each.key"]},"cidr_block":{"references":["local.private_subnet_cidrs","each.value"]},"tags":{"references":["local.name","each.key"]},"vpc_id":{"references":["aws_vpc.this.id","aws_vpc.this"]}},"schema_version":1,"for_each_expression":{"references":["local.azs"]}},{"address":"aws_subnet.public","mode":"managed","type":"aws_subnet","name":"public","provider_config_key":"aws","expressions":{"availability_zone":{"references":["each.key"]},"cidr_block":{"references":["local.public_subnet_cidrs","each.value"]},"map_public_ip_on_launch":{"constant_value":true},"tags":{"references":["local.name","each.key"]},"vpc_id":{"references":["aws_vpc.this.id","aws_vpc.this"]}},"schema_version":1,"for_each_expression":{"references":["local.azs"]}},{"address":"aws_vpc.this","mode":"managed","type":"aws_vpc","name":"this","provider_config_key":"aws","expressions":{"cidr_block":{"references":["var.vpc_cidr"]},"enable_dns_hostnames":{"constant_value":true},"enable_dns_support":{"constant_value":true},"tags":{"references":["local.name"]}},"schema_version":1},{"address":"helm_release.aws_load_balancer_controller","mode":"managed","type":"helm_release","name":"aws_load_balancer_controller","provider_config_key":"helm","expressions":{"chart":{"constant_value":"aws-load-balancer-controller"},"name":{"constant_value":"aws-load-balancer-controller"},"namespace":{"constant_value":"kube-system"},"repository":{"constant_value":"https://aws.github.io/eks-charts"},"values":{"references":["aws_eks_cluster.this.name","aws_eks_cluster.this","var.aws_region","aws_vpc.this.id","aws_vpc.this","kubernetes_service_account_v1.alb_controller.metadata[0].name","kubernetes_service_account_v1.alb_controller.metadata[0]","kubernetes_service_account_v1.alb_controller.metadata","kubernetes_service_account_v1.alb_controller"]}},"schema_version":2,"depends_on":["kubernetes_service_account_v1.alb_controller"]},{"address":"kubernetes_deployment_v1.app","mode":"managed","type":"kubernetes_deployment_v1","name":"app","provider_config_key":"kubernetes","expressions":{"metadata":[{"labels":{"constant_value":{"app":"wd-prediction"}},"name":{"constant_value":"wd-prediction"},"namespace":{"references":["kubernetes_namespace_v1.app.metadata[0].name","kubernetes_namespace_v1.app.metadata[0]","kubernetes_namespace_v1.app.metadata","kubernetes_namespace_v1.app"]}}],"spec":[{"replicas":{"references":["var.app_replicas"]},"selector":[{"match_labels":{"constant_value":{"app":"wd-prediction"}}}],"template":[{"metadata":[{"labels":{"constant_value":{"app":"wd-prediction"}}}],"spec":[{"container":[{"image":{"references":["var.app_image"]},"image_pull_policy":{"constant_value":"Always"},"liveness_probe":[{"http_get":[{"path":{"constant_value":"/"},"port":{"references":["var.app_container_port"]}}],"initial_delay_seconds":{"constant_value":10},"period_seconds":{"constant_value":10}}],"name":{"constant_value":"wd-prediction"},"port":[{"container_port":{"references":["var.app_container_port"]}}],"readiness_probe":[{"http_get":[{"path":{"constant_value":"/"},"port":{"references":["var.app_container_port"]}}],"initial_delay_seconds":{"constant_value":5},"period_seconds":{"constant_value":5}}],"resources":[{"limits":{"constant_value":{"cpu":"250m","memory":"256Mi"}},"requests":{"constant_value":{"cpu":"50m","memory":"64Mi"}}}]}]}]}]}]},"schema_version":1,"depends_on":["helm_release.aws_load_balancer_controller"]},{"address":"kubernetes_ingress_v1.app","mode":"managed","type":"kubernetes_ingress_v1","name":"app","provider_config_key":"kubernetes","expressions":{"metadata":[{"annotations":{"constant_value":{"alb.ingress.kubernetes.io/listen-ports":"[{\"HTTP\":80}]","alb.ingress.kubernetes.io/scheme":"internet-facing","alb.ingress.kubernetes.io/target-type":"ip","kubernetes.io/ingress.class":"alb"}},"name":{"constant_value":"wd-prediction"},"namespace":{"references":["kubernetes_namespace_v1.app.metadata[0].name","kubernetes_namespace_v1.app.metadata[0]","kubernetes_namespace_v1.app.metadata","kubernetes_namespace_v1.app"]}}],"spec":[{"rule":[{"http":[{"path":[{"backend":[{"service":[{"name":{"references":["kubernetes_service_v1.app.metadata[0].name","kubernetes_service_v1.app.metadata[0]","kubernetes_service_v1.app.metadata","kubernetes_service_v1.app"]},"port":[{"number":{"references":["var.service_port"]}}]}]}],"path":{"constant_value":"/"},"path_type":{"constant_value":"Prefix"}}]}]}]}]},"schema_version":0,"depends_on":["helm_release.aws_load_balancer_controller"]},{"address":"kubernetes_namespace_v1.app","mode":"managed","type":"kubernetes_namespace_v1","name":"app","provider_config_key":"kubernetes","expressions":{"metadata":[{"name":{"references":["var.app_namespace"]}}]},"schema_version":0,"depends_on":["aws_eks_node_group.default"]},{"address":"kubernetes_service_account_v1.alb_controller","mode":"managed","type":"kubernetes_service_account_v1","name":"alb_controller","provider_config_key":"kubernetes","expressions":{"metadata":[{"annotations":{"references":["aws_iam_role.alb_controller.arn","aws_iam_role.alb_controller"]},"labels":{"constant_value":{"app.kubernetes.io/name":"aws-load-balancer-controller"}},"name":{"constant_value":"aws-load-balancer-controller"},"namespace":{"constant_value":"kube-system"}}]},"schema_version":0,"depends_on":["aws_eks_node_group.default"]},{"address":"kubernetes_service_v1.app","mode":"managed","type":"kubernetes_service_v1","name":"app","provider_config_key":"kubernetes","expressions":{"metadata":[{"labels":{"constant_value":{"app":"wd-prediction"}},"name":{"constant_value":"wd-prediction"},"namespace":{"references":["kubernetes_namespace_v1.app.metadata[0].name","kubernetes_namespace_v1.app.metadata[0]","kubernetes_namespace_v1.app.metadata","kubernetes_namespace_v1.app"]}}],"spec":[{"port":[{"port":{"references":["var.service_port"]},"protocol":{"constant_value":"TCP"},"target_port":{"references":["var.app_container_port"]}}],"selector":{"constant_value":{"app":"wd-prediction"}},"type":{"constant_value":"ClusterIP"}}]},"schema_version":1,"depends_on":["kubernetes_deployment_v1.app"]},{"address":"data.aws_availability_zones.available","mode":"data","type":"aws_availability_zones","name":"available","provider_config_key":"aws","expressions":{"state":{"constant_value":"available"}},"schema_version":0},{"address":"data.aws_eks_cluster_auth.this","mode":"data","type":"aws_eks_cluster_auth","name":"this","provider_config_key":"aws","expressions":{"name":{"references":["aws_eks_cluster.this.name","aws_eks_cluster.this"]}},"schema_version":0},{"address":"data.aws_iam_policy_document.alb_controller_assume","mode":"data","type":"aws_iam_policy_document","name":"alb_controller_assume","provider_config_key":"aws","expressions":{"statement":[{"actions":{"constant_value":["sts:AssumeRoleWithWebIdentity"]},"condition":[{"test":{"constant_value":"StringEquals"},"values":{"constant_value":["system:serviceaccount:kube-system:aws-load-balancer-controller"]},"variable":{"references":["aws_iam_openid_connect_provider.eks.url","aws_iam_openid_connect_provider.eks"]}},{"test":{"constant_value":"StringEquals"},"values":{"constant_value":["sts.amazonaws.com"]},"variable":{"references":["aws_iam_openid_connect_provider.eks.url","aws_iam_openid_connect_provider.eks"]}}],"principals":[{"identifiers":{"references":["aws_iam_openid_connect_provider.eks.arn","aws_iam_openid_connect_provider.eks"]},"type":{"constant_value":"Federated"}}]}]},"schema_version":0},{"address":"data.aws_iam_policy_document.eks_cluster_assume","mode":"data","type":"aws_iam_policy_document","name":"eks_cluster_assume","provider_config_key":"aws","expressions":{"statement":[{"actions":{"constant_value":["sts:AssumeRole"]},"principals":[{"identifiers":{"constant_value":["eks.amazonaws.com"]},"type":{"constant_value":"Service"}}]}]},"schema_version":0},{"address":"data.aws_iam_policy_document.eks_node_assume","mode":"data","type":"aws_iam_policy_document","name":"eks_node_assume","provider_config_key":"aws","expressions":{"statement":[{"actions":{"constant_value":["sts:AssumeRole"]},"principals":[{"identifiers":{"constant_value":["ec2.amazonaws.com"]},"type":{"constant_value":"Service"}}]}]},"schema_version":0},{"address":"data.tls_certificate.eks","mode":"data","type":"tls_certificate","name":"eks","provider_config_key":"tls","expressions":{"url":{"references":["aws_eks_cluster.this.identity[0].oidc[0].issuer","aws_eks_cluster.this.identity[0].oidc[0]","aws_eks_cluster.this.identity[0].oidc","aws_eks_cluster.this.identity[0]","aws_eks_cluster.this.identity","aws_eks_cluster.this"]}},"schema_version":0}],"module_calls":{"eks":{"source":"./modules/eks_outputs","expressions":{"cluster_certificate_authority_data":{"references":["aws_eks_cluster.this.certificate_authority[0].data","aws_eks_cluster.this.certificate_authority[0]","aws_eks_cluster.this.certificate_authority","aws_eks_cluster.this"]},"cluster_endpoint":{"references":["aws_eks_cluster.this.endpoint","aws_eks_cluster.this"]},"cluster_name":{"references":["aws_eks_cluster.this.name","aws_eks_cluster.this"]}},"module":{"outputs":{"cluster_certificate_authority_data":{"expression":{"references":["var.cluster_certificate_authority_data"]}},"cluster_endpoint":{"expression":{"references":["var.cluster_endpoint"]}},"cluster_name":{"expression":{"references":["var.cluster_name"]}}},"variables":{"cluster_certificate_authority_data":{},"cluster_endpoint":{},"cluster_name":{}}}}},"variables":{"app_container_port":{"default":5000,"description":"Container port exposed by the app."},"app_image":{"default":"yash5090/wd-prediction:latest","description":"Container image for the app. Use an ECR image URI for production."},"app_namespace":{"default":"wd-prediction","description":"Kubernetes namespace for the application."},"app_replicas":{"default":6,"description":"Number of application replicas (pods)."},"aws_region":{"default":"us-east-1","description":"AWS region."},"az_count":{"default":2,"description":"Number of AZs to use (2 or 3)."},"cluster_version":{"default":"1.29","description":"EKS Kubernetes version."},"ecr_repository_name":{"default":"wd-prediction","description":"ECR repository name (if enable_ecr=true)."},"enable_ecr":{"default":true,"description":"Whether to create an ECR repository for the application image."},"environment":{"default":"dev","description":"Environment name (e.g., dev, staging, prod)."},"node_desired_size":{"default":2,"description":"Desired number of worker nodes."},"node_instance_types":{"default":["t3.medium"],"description":"EKS managed node group instance types."},"node_max_size":{"default":4,"description":"Maximum number of worker nodes."},"node_min_size":{"default":2,"description":"Minimum number of worker nodes."},"project_name":{"default":"wd-prediction","description":"Project/name prefix used for resources."},"service_port":{"default":5000,"description":"Kubernetes Service port."},"tags":{"default":{},"description":"Additional tags to apply to AWS resources."},"vpc_cidr":{"default":"10.0.0.0/16","description":"CIDR for the VPC."}}}},"relevant_attributes":[{"resource":"aws_ecr_repository.app[0]","attribute":["repository_url"]},{"resource":"aws_eks_cluster.this","attribute":["certificate_authority",0,"data"]},{"resource":"aws_iam_openid_connect_provider.eks","attribute":["arn"]},{"resource":"aws_nat_gateway.this","attribute":[]},{"resource":"aws_route_table.private","attribute":[]},{"resource":"aws_vpc.this","attribute":["id"]},{"resource":"data.aws_availability_zones.available","attribute":["names"]},{"resource":"data.aws_iam_policy_document.alb_controller_assume","attribute":["json"]},{"resource":"aws_eks_cluster.this","attribute":["name"]},{"resource":"aws_subnet.private","attribute":[]},{"resource":"aws_iam_role.eks_node","attribute":["arn"]},{"resource":"aws_subnet.public","attribute":[]},{"resource":"aws_eks_cluster.this","attribute":["endpoint"]},{"resource":"aws_iam_role.alb_controller","attribute":["arn"]},{"resource":"data.aws_iam_policy_document.eks_node_assume","attribute":["json"]},{"resource":"aws_ecr_repository.app[0]","attribute":["name"]},{"resource":"kubernetes_ingress_v1.app","attribute":["status",0,"load_balancer",0,"ingress",0,"hostname"]},{"resource":"aws_iam_openid_connect_provider.eks","attribute":["url"]},{"resource":"aws_iam_role.eks_cluster","attribute":["name"]},{"resource":"aws_internet_gateway.this","attribute":["id"]},{"resource":"aws_iam_role.eks_cluster","attribute":["arn"]},{"resource":"aws_iam_role.alb_controller","attribute":["name"]},{"resource":"aws_eip.nat","attribute":[]},{"resource":"aws_iam_role.eks_node","attribute":["name"]},{"resource":"aws_security_group.eks_cluster","attribute":["id"]},{"resource":"data.aws_iam_policy_document.eks_cluster_assume","attribute":["json"]},{"resource":"data.tls_certificate.eks","attribute":["certificates",0,"sha1_fingerprint"]},{"resource":"kubernetes_service_v1.app","attribute":["metadata",0,"name"]},{"resource":"aws_eks_cluster.this","attribute":["identity",0,"oidc",0,"issuer"]},{"resource":"aws_route_table.public","attribute":["id"]},{"resource":"kubernetes_namespace_v1.app","attribute":["metadata",0,"name"]},{"resource":"kubernetes_service_account_v1.alb_controller","attribute":["metadata",0,"name"]}],"checks":[{"address":{"kind":"var","name":"az_count","to_display":"var.az_count"},"status":"pass","instances":[{"address":{"to_display":"var.az_count"},"status":"pass"}]}],"timestamp":"2026-01-17T22:38:41Z","applyable":true,"complete":true,"errored":false}
