data.aws_iam_policy_document.apprunner_assume: Reading...
data.aws_iam_policy_document.apprunner_assume: Read complete after 0s [id=3816108838]

Terraform used the selected providers to generate the following execution
plan. Resource actions are indicated with the following symbols:
  + create
 <= read (data resources)

Terraform will perform the following actions:

  # data.aws_iam_policy_document.s3_access will be read during apply
  # (config refers to values not yet known)
 <= data "aws_iam_policy_document" "s3_access" {
      + id            = (known after apply)
      + json          = (known after apply)
      + minified_json = (known after apply)

      + statement {
          + actions   = [
              + "s3:ListBucket",
            ]
          + effect    = "Allow"
          + resources = [
              + (known after apply),
            ]
          + sid       = "ListBucket"
        }
      + statement {
          + actions   = [
              + "s3:DeleteObject",
              + "s3:GetObject",
              + "s3:PutObject",
            ]
          + effect    = "Allow"
          + resources = [
              + (known after apply),
            ]
          + sid       = "ObjectAccess"
        }
    }

  # aws_ecr_repository.app will be created
  + resource "aws_ecr_repository" "app" {
      + arn                  = (known after apply)
      + id                   = (known after apply)
      + image_tag_mutability = "MUTABLE"
      + name                 = (known after apply)
      + region               = "us-east-1"
      + registry_id          = (known after apply)
      + repository_url       = (known after apply)
      + tags_all             = {
          + "Managed" = "terraform"
          + "Project" = "mlflow-server"
        }

      + image_scanning_configuration {
          + scan_on_push = true
        }
    }

  # aws_iam_policy.s3_access will be created
  + resource "aws_iam_policy" "s3_access" {
      + arn              = (known after apply)
      + attachment_count = (known after apply)
      + id               = (known after apply)
      + name             = (known after apply)
      + name_prefix      = (known after apply)
      + path             = "/"
      + policy           = (known after apply)
      + policy_id        = (known after apply)
      + tags_all         = {
          + "Managed" = "terraform"
          + "Project" = "mlflow-server"
        }
    }

  # aws_iam_role.apprunner will be created
  + resource "aws_iam_role" "apprunner" {
      + arn                   = (known after apply)
      + assume_role_policy    = jsonencode(
            {
              + Statement = [
                  + {
                      + Action    = "sts:AssumeRole"
                      + Effect    = "Allow"
                      + Principal = {
                          + Service = [
                              + "tasks.apprunner.amazonaws.com",
                              + "build.apprunner.amazonaws.com",
                            ]
                        }
                    },
                ]
              + Version   = "2012-10-17"
            }
        )
      + create_date           = (known after apply)
      + force_detach_policies = false
      + id                    = (known after apply)
      + managed_policy_arns   = (known after apply)
      + max_session_duration  = 3600
      + name                  = (known after apply)
      + name_prefix           = (known after apply)
      + path                  = "/"
      + tags_all              = {
          + "Managed" = "terraform"
          + "Project" = "mlflow-server"
        }
      + unique_id             = (known after apply)

      + inline_policy (known after apply)
    }

  # aws_iam_role_policy_attachment.apprunner_s3 will be created
  + resource "aws_iam_role_policy_attachment" "apprunner_s3" {
      + id         = (known after apply)
      + policy_arn = (known after apply)
      + role       = (known after apply)
    }

  # aws_s3_bucket.artifacts will be created
  + resource "aws_s3_bucket" "artifacts" {
      + acceleration_status         = (known after apply)
      + acl                         = (known after apply)
      + arn                         = (known after apply)
      + bucket                      = (known after apply)
      + bucket_domain_name          = (known after apply)
      + bucket_prefix               = (known after apply)
      + bucket_region               = (known after apply)
      + bucket_regional_domain_name = (known after apply)
      + force_destroy               = true
      + hosted_zone_id              = (known after apply)
      + id                          = (known after apply)
      + object_lock_enabled         = (known after apply)
      + policy                      = (known after apply)
      + region                      = "us-east-1"
      + request_payer               = (known after apply)
      + tags_all                    = {
          + "Managed" = "terraform"
          + "Project" = "mlflow-server"
        }
      + website_domain              = (known after apply)
      + website_endpoint            = (known after apply)

      + cors_rule (known after apply)

      + grant (known after apply)

      + lifecycle_rule (known after apply)

      + logging (known after apply)

      + object_lock_configuration (known after apply)

      + replication_configuration (known after apply)

      + server_side_encryption_configuration (known after apply)

      + versioning (known after apply)

      + website (known after apply)
    }

  # aws_s3_bucket_public_access_block.artifacts will be created
  + resource "aws_s3_bucket_public_access_block" "artifacts" {
      + block_public_acls       = true
      + block_public_policy     = true
      + bucket                  = (known after apply)
      + id                      = (known after apply)
      + ignore_public_acls      = true
      + region                  = "us-east-1"
      + restrict_public_buckets = true
    }

  # aws_s3_bucket_versioning.artifacts will be created
  + resource "aws_s3_bucket_versioning" "artifacts" {
      + bucket = (known after apply)
      + id     = (known after apply)
      + region = "us-east-1"

      + versioning_configuration {
          + mfa_delete = (known after apply)
          + status     = "Enabled"
        }
    }

  # random_id.suffix will be created
  + resource "random_id" "suffix" {
      + b64_std     = (known after apply)
      + b64_url     = (known after apply)
      + byte_length = 4
      + dec         = (known after apply)
      + hex         = (known after apply)
      + id          = (known after apply)
    }

Plan: 8 to add, 0 to change, 0 to destroy.

Changes to Outputs:
  + apprunner_role_arn   = (known after apply)
  + artifact_bucket_arn  = (known after apply)
  + artifact_bucket_name = (known after apply)
  + ecr_repository_url   = (known after apply)
random_id.suffix: Creating...
random_id.suffix: Creation complete after 0s [id=IUWrdw]
aws_ecr_repository.app: Creating...
aws_iam_role.apprunner: Creating...
aws_s3_bucket.artifacts: Creating...
aws_iam_role.apprunner: Creation complete after 0s [id=mlflow-server-2145ab77-apprunner]
aws_ecr_repository.app: Creation complete after 2s [id=mlflow-server-2145ab77]
aws_s3_bucket.artifacts: Still creating... [00m10s elapsed]
aws_s3_bucket.artifacts: Still creating... [00m20s elapsed]
aws_s3_bucket.artifacts: Still creating... [00m30s elapsed]
aws_s3_bucket.artifacts: Still creating... [00m40s elapsed]
aws_s3_bucket.artifacts: Still creating... [00m50s elapsed]
aws_s3_bucket.artifacts: Still creating... [01m00s elapsed]
aws_s3_bucket.artifacts: Still creating... [01m10s elapsed]
aws_s3_bucket.artifacts: Still creating... [01m20s elapsed]
aws_s3_bucket.artifacts: Still creating... [01m30s elapsed]
aws_s3_bucket.artifacts: Still creating... [01m40s elapsed]
aws_s3_bucket.artifacts: Still creating... [01m50s elapsed]
aws_s3_bucket.artifacts: Still creating... [02m00s elapsed]
aws_s3_bucket.artifacts: Still creating... [02m10s elapsed]
aws_s3_bucket.artifacts: Still creating... [02m20s elapsed]
aws_s3_bucket.artifacts: Still creating... [02m30s elapsed]
aws_s3_bucket.artifacts: Still creating... [02m40s elapsed]
aws_s3_bucket.artifacts: Still creating... [02m50s elapsed]
