{"format_version":"1.2","terraform_version":"1.13.5","variables":{"app_name":{"value":"mlflow-server"},"aws_region":{"value":"us-east-1"},"container_port":{"value":80},"mlflow_password":{"value":"mlflow"},"mlflow_username":{"value":"mlflow"}},"planned_values":{"outputs":{"apprunner_role_arn":{"sensitive":false},"artifact_bucket_arn":{"sensitive":false},"artifact_bucket_name":{"sensitive":false},"ecr_repository_url":{"sensitive":false}},"root_module":{"resources":[{"address":"aws_ecr_repository.app","mode":"managed","type":"aws_ecr_repository","name":"app","provider_name":"registry.terraform.io/hashicorp/aws","schema_version":0,"values":{"encryption_configuration":[],"force_delete":null,"image_scanning_configuration":[{"scan_on_push":true}],"image_tag_mutability":"MUTABLE","image_tag_mutability_exclusion_filter":[],"region":"us-east-1","tags":null,"tags_all":{"Managed":"terraform","Project":"mlflow-server"},"timeouts":null},"sensitive_values":{"encryption_configuration":[],"image_scanning_configuration":[{}],"image_tag_mutability_exclusion_filter":[],"tags_all":{}},"identity_schema_version":0,"identity":{"account_id":null,"name":null,"region":null}},{"address":"aws_iam_policy.s3_access","mode":"managed","type":"aws_iam_policy","name":"s3_access","provider_name":"registry.terraform.io/hashicorp/aws","schema_version":0,"values":{"delay_after_policy_creation_in_ms":null,"description":null,"path":"/","tags":null,"tags_all":{"Managed":"terraform","Project":"mlflow-server"}},"sensitive_values":{"tags_all":{}},"identity_schema_version":0,"identity":{"arn":null}},{"address":"aws_iam_role.apprunner","mode":"managed","type":"aws_iam_role","name":"apprunner","provider_name":"registry.terraform.io/hashicorp/aws","schema_version":0,"values":{"assume_role_policy":"{\"Statement\":[{\"Action\":\"sts:AssumeRole\",\"Effect\":\"Allow\",\"Principal\":{\"Service\":[\"tasks.apprunner.amazonaws.com\",\"build.apprunner.amazonaws.com\"]}}],\"Version\":\"2012-10-17\"}","description":null,"force_detach_policies":false,"max_session_duration":3600,"path":"/","permissions_boundary":null,"tags":null,"tags_all":{"Managed":"terraform","Project":"mlflow-server"}},"sensitive_values":{"inline_policy":[],"managed_policy_arns":[],"tags_all":{}},"identity_schema_version":0,"identity":{"account_id":null,"name":null}},{"address":"aws_iam_role_policy_attachment.apprunner_s3","mode":"managed","type":"aws_iam_role_policy_attachment","name":"apprunner_s3","provider_name":"registry.terraform.io/hashicorp/aws","schema_version":0,"sensitive_values":{},"identity_schema_version":0,"identity":{"account_id":null,"policy_arn":null,"role":null}},{"address":"aws_s3_bucket.artifacts","mode":"managed","type":"aws_s3_bucket","name":"artifacts","provider_name":"registry.terraform.io/hashicorp/aws","schema_version":0,"values":{"force_destroy":true,"region":"us-east-1","tags":null,"tags_all":{"Managed":"terraform","Project":"mlflow-server"},"timeouts":null},"sensitive_values":{"cors_rule":[],"grant":[],"lifecycle_rule":[],"logging":[],"object_lock_configuration":[],"replication_configuration":[],"server_side_encryption_configuration":[],"tags_all":{},"versioning":[],"website":[]},"identity_schema_version":0,"identity":{"account_id":null,"bucket":null,"region":null}},{"address":"aws_s3_bucket_public_access_block.artifacts","mode":"managed","type":"aws_s3_bucket_public_access_block","name":"artifacts","provider_name":"registry.terraform.io/hashicorp/aws","schema_version":0,"values":{"block_public_acls":true,"block_public_policy":true,"ignore_public_acls":true,"region":"us-east-1","restrict_public_buckets":true,"skip_destroy":null},"sensitive_values":{},"identity_schema_version":0,"identity":{"account_id":null,"bucket":null,"region":null}},{"address":"aws_s3_bucket_versioning.artifacts","mode":"managed","type":"aws_s3_bucket_versioning","name":"artifacts","provider_name":"registry.terraform.io/hashicorp/aws","schema_version":0,"values":{"expected_bucket_owner":null,"mfa":null,"region":"us-east-1","versioning_configuration":[{"status":"Enabled"}]},"sensitive_values":{"versioning_configuration":[{}]},"identity_schema_version":0,"identity":{"account_id":null,"bucket":null,"expected_bucket_owner":null,"region":null}},{"address":"data.aws_iam_policy_document.s3_access","mode":"data","type":"aws_iam_policy_document","name":"s3_access","provider_name":"registry.terraform.io/hashicorp/aws","schema_version":0,"values":{"override_json":null,"override_policy_documents":null,"policy_id":null,"source_json":null,"source_policy_documents":null,"statement":[{"actions":["s3:ListBucket"],"condition":[],"effect":"Allow","not_actions":null,"not_principals":[],"not_resources":null,"principals":[],"resources":[null],"sid":"ListBucket"},{"actions":["s3:DeleteObject","s3:GetObject","s3:PutObject"],"condition":[],"effect":"Allow","not_actions":null,"not_principals":[],"not_resources":null,"principals":[],"resources":[null],"sid":"ObjectAccess"}],"version":null},"sensitive_values":{"statement":[{"actions":[false],"condition":[],"not_principals":[],"principals":[],"resources":[false]},{"actions":[false,false,false],"condition":[],"not_principals":[],"principals":[],"resources":[false]}]}},{"address":"random_id.suffix","mode":"managed","type":"random_id","name":"suffix","provider_name":"registry.terraform.io/hashicorp/random","schema_version":0,"values":{"byte_length":4,"keepers":null,"prefix":null},"sensitive_values":{}}]}},"resource_changes":[{"address":"data.aws_iam_policy_document.s3_access","mode":"data","type":"aws_iam_policy_document","name":"s3_access","provider_name":"registry.terraform.io/hashicorp/aws","change":{"actions":["read"],"before":null,"after":{"override_json":null,"override_policy_documents":null,"policy_id":null,"source_json":null,"source_policy_documents":null,"statement":[{"actions":["s3:ListBucket"],"condition":[],"effect":"Allow","not_actions":null,"not_principals":[],"not_resources":null,"principals":[],"resources":[null],"sid":"ListBucket"},{"actions":["s3:DeleteObject","s3:GetObject","s3:PutObject"],"condition":[],"effect":"Allow","not_actions":null,"not_principals":[],"not_resources":null,"principals":[],"resources":[null],"sid":"ObjectAccess"}],"version":null},"after_unknown":{"id":true,"json":true,"minified_json":true,"statement":[{"actions":[false],"condition":[],"not_principals":[],"principals":[],"resources":[true]},{"actions":[false,false,false],"condition":[],"not_principals":[],"principals":[],"resources":[true]}]},"before_sensitive":false,"after_sensitive":{"statement":[{"actions":[false],"condition":[],"not_principals":[],"principals":[],"resources":[false]},{"actions":[false,false,false],"condition":[],"not_principals":[],"principals":[],"resources":[false]}]}},"action_reason":"read_because_config_unknown"},{"address":"aws_ecr_repository.app","mode":"managed","type":"aws_ecr_repository","name":"app","provider_name":"registry.terraform.io/hashicorp/aws","change":{"actions":["create"],"before":null,"after":{"encryption_configuration":[],"force_delete":null,"image_scanning_configuration":[{"scan_on_push":true}],"image_tag_mutability":"MUTABLE","image_tag_mutability_exclusion_filter":[],"region":"us-east-1","tags":null,"tags_all":{"Managed":"terraform","Project":"mlflow-server"},"timeouts":null},"after_unknown":{"arn":true,"encryption_configuration":[],"id":true,"image_scanning_configuration":[{}],"image_tag_mutability_exclusion_filter":[],"name":true,"registry_id":true,"repository_url":true,"tags_all":{}},"before_sensitive":false,"after_sensitive":{"encryption_configuration":[],"image_scanning_configuration":[{}],"image_tag_mutability_exclusion_filter":[],"tags_all":{}},"after_identity":{"account_id":null,"name":null,"region":null}}},{"address":"aws_iam_policy.s3_access","mode":"managed","type":"aws_iam_policy","name":"s3_access","provider_name":"registry.terraform.io/hashicorp/aws","change":{"actions":["create"],"before":null,"after":{"delay_after_policy_creation_in_ms":null,"description":null,"path":"/","tags":null,"tags_all":{"Managed":"terraform","Project":"mlflow-server"}},"after_unknown":{"arn":true,"attachment_count":true,"id":true,"name":true,"name_prefix":true,"policy":true,"policy_id":true,"tags_all":{}},"before_sensitive":false,"after_sensitive":{"tags_all":{}},"after_identity":{"arn":null}}},{"address":"aws_iam_role.apprunner","mode":"managed","type":"aws_iam_role","name":"apprunner","provider_name":"registry.terraform.io/hashicorp/aws","change":{"actions":["create"],"before":null,"after":{"assume_role_policy":"{\"Statement\":[{\"Action\":\"sts:AssumeRole\",\"Effect\":\"Allow\",\"Principal\":{\"Service\":[\"tasks.apprunner.amazonaws.com\",\"build.apprunner.amazonaws.com\"]}}],\"Version\":\"2012-10-17\"}","description":null,"force_detach_policies":false,"max_session_duration":3600,"path":"/","permissions_boundary":null,"tags":null,"tags_all":{"Managed":"terraform","Project":"mlflow-server"}},"after_unknown":{"arn":true,"create_date":true,"id":true,"inline_policy":true,"managed_policy_arns":true,"name":true,"name_prefix":true,"tags_all":{},"unique_id":true},"before_sensitive":false,"after_sensitive":{"inline_policy":[],"managed_policy_arns":[],"tags_all":{}},"after_identity":{"account_id":null,"name":null}}},{"address":"aws_iam_role_policy_attachment.apprunner_s3","mode":"managed","type":"aws_iam_role_policy_attachment","name":"apprunner_s3","provider_name":"registry.terraform.io/hashicorp/aws","change":{"actions":["create"],"before":null,"after":{},"after_unknown":{"id":true,"policy_arn":true,"role":true},"before_sensitive":false,"after_sensitive":{},"after_identity":{"account_id":null,"policy_arn":null,"role":null}}},{"address":"aws_s3_bucket.artifacts","mode":"managed","type":"aws_s3_bucket","name":"artifacts","provider_name":"registry.terraform.io/hashicorp/aws","change":{"actions":["create"],"before":null,"after":{"force_destroy":true,"region":"us-east-1","tags":null,"tags_all":{"Managed":"terraform","Project":"mlflow-server"},"timeouts":null},"after_unknown":{"acceleration_status":true,"acl":true,"arn":true,"bucket":true,"bucket_domain_name":true,"bucket_prefix":true,"bucket_region":true,"bucket_regional_domain_name":true,"cors_rule":true,"grant":true,"hosted_zone_id":true,"id":true,"lifecycle_rule":true,"logging":true,"object_lock_configuration":true,"object_lock_enabled":true,"policy":true,"replication_configuration":true,"request_payer":true,"server_side_encryption_configuration":true,"tags_all":{},"versioning":true,"website":true,"website_domain":true,"website_endpoint":true},"before_sensitive":false,"after_sensitive":{"cors_rule":[],"grant":[],"lifecycle_rule":[],"logging":[],"object_lock_configuration":[],"replication_configuration":[],"server_side_encryption_configuration":[],"tags_all":{},"versioning":[],"website":[]},"after_identity":{"account_id":null,"bucket":null,"region":null}}},{"address":"aws_s3_bucket_public_access_block.artifacts","mode":"managed","type":"aws_s3_bucket_public_access_block","name":"artifacts","provider_name":"registry.terraform.io/hashicorp/aws","change":{"actions":["create"],"before":null,"after":{"block_public_acls":true,"block_public_policy":true,"ignore_public_acls":true,"region":"us-east-1","restrict_public_buckets":true,"skip_destroy":null},"after_unknown":{"bucket":true,"id":true},"before_sensitive":false,"after_sensitive":{},"after_identity":{"account_id":null,"bucket":null,"region":null}}},{"address":"aws_s3_bucket_versioning.artifacts","mode":"managed","type":"aws_s3_bucket_versioning","name":"artifacts","provider_name":"registry.terraform.io/hashicorp/aws","change":{"actions":["create"],"before":null,"after":{"expected_bucket_owner":null,"mfa":null,"region":"us-east-1","versioning_configuration":[{"status":"Enabled"}]},"after_unknown":{"bucket":true,"id":true,"versioning_configuration":[{"mfa_delete":true}]},"before_sensitive":false,"after_sensitive":{"versioning_configuration":[{}]},"after_identity":{"account_id":null,"bucket":null,"expected_bucket_owner":null,"region":null}}},{"address":"random_id.suffix","mode":"managed","type":"random_id","name":"suffix","provider_name":"registry.terraform.io/hashicorp/random","change":{"actions":["create"],"before":null,"after":{"byte_length":4,"keepers":null,"prefix":null},"after_unknown":{"b64_std":true,"b64_url":true,"dec":true,"hex":true,"id":true},"before_sensitive":false,"after_sensitive":{}}}],"output_changes":{"apprunner_role_arn":{"actions":["create"],"before":null,"after_unknown":true,"before_sensitive":false,"after_sensitive":false},"artifact_bucket_arn":{"actions":["create"],"before":null,"after_unknown":true,"before_sensitive":false,"after_sensitive":false},"artifact_bucket_name":{"actions":["create"],"before":null,"after_unknown":true,"before_sensitive":false,"after_sensitive":false},"ecr_repository_url":{"actions":["create"],"before":null,"after_unknown":true,"before_sensitive":false,"after_sensitive":false}},"prior_state":{"format_version":"1.0","terraform_version":"1.13.5","values":{"root_module":{"resources":[{"address":"data.aws_iam_policy_document.apprunner_assume","mode":"data","type":"aws_iam_policy_document","name":"apprunner_assume","provider_name":"registry.terraform.io/hashicorp/aws","schema_version":0,"values":{"id":"3816108838","json":"{\n  \"Version\": \"2012-10-17\",\n  \"Statement\": [\n    {\n      \"Effect\": \"Allow\",\n      \"Action\": \"sts:AssumeRole\",\n      \"Principal\": {\n        \"Service\": [\n          \"tasks.apprunner.amazonaws.com\",\n          \"build.apprunner.amazonaws.com\"\n        ]\n      }\n    }\n  ]\n}","minified_json":"{\"Version\":\"2012-10-17\",\"Statement\":[{\"Effect\":\"Allow\",\"Action\":\"sts:AssumeRole\",\"Principal\":{\"Service\":[\"tasks.apprunner.amazonaws.com\",\"build.apprunner.amazonaws.com\"]}}]}","override_json":null,"override_policy_documents":null,"policy_id":null,"source_json":null,"source_policy_documents":null,"statement":[{"actions":["sts:AssumeRole"],"condition":[],"effect":"Allow","not_actions":[],"not_principals":[],"not_resources":[],"principals":[{"identifiers":["build.apprunner.amazonaws.com","tasks.apprunner.amazonaws.com"],"type":"Service"}],"resources":[],"sid":""}],"version":"2012-10-17"},"sensitive_values":{"statement":[{"actions":[false],"condition":[],"not_actions":[],"not_principals":[],"not_resources":[],"principals":[{"identifiers":[false,false]}],"resources":[]}]}}]}}},"configuration":{"provider_config":{"aws":{"name":"aws","full_name":"registry.terraform.io/hashicorp/aws","version_constraint":"\u003e= 5.0.0","expressions":{"default_tags":[{"tags":{"references":["var.app_name"]}}],"region":{"references":["var.aws_region"]}}},"random":{"name":"random","full_name":"registry.terraform.io/hashicorp/random","version_constraint":"\u003e= 3.5.0"}},"root_module":{"outputs":{"apprunner_role_arn":{"expression":{"references":["aws_iam_role.apprunner.arn","aws_iam_role.apprunner"]},"description":"IAM role ARN intended for App Runner to access S3 artifacts."},"artifact_bucket_arn":{"expression":{"references":["aws_s3_bucket.artifacts.arn","aws_s3_bucket.artifacts"]}},"artifact_bucket_name":{"expression":{"references":["aws_s3_bucket.artifacts.bucket","aws_s3_bucket.artifacts"]},"description":"S3 bucket for MLflow artifacts."},"ecr_repository_url":{"expression":{"references":["aws_ecr_repository.app.repository_url","aws_ecr_repository.app"]},"description":"ECR repository URL to push the MLflow container image."}},"resources":[{"address":"aws_ecr_repository.app","mode":"managed","type":"aws_ecr_repository","name":"app","provider_config_key":"aws","expressions":{"image_scanning_configuration":[{"scan_on_push":{"constant_value":true}}],"image_tag_mutability":{"constant_value":"MUTABLE"},"name":{"references":["local.name_prefix"]}},"schema_version":0},{"address":"aws_iam_policy.s3_access","mode":"managed","type":"aws_iam_policy","name":"s3_access","provider_config_key":"aws","expressions":{"name":{"references":["local.name_prefix"]},"policy":{"references":["data.aws_iam_policy_document.s3_access.json","data.aws_iam_policy_document.s3_access"]}},"schema_version":0},{"address":"aws_iam_role.apprunner","mode":"managed","type":"aws_iam_role","name":"apprunner","provider_config_key":"aws","expressions":{"assume_role_policy":{"references":["data.aws_iam_policy_document.apprunner_assume.json","data.aws_iam_policy_document.apprunner_assume"]},"name":{"references":["local.name_prefix"]}},"schema_version":0},{"address":"aws_iam_role_policy_attachment.apprunner_s3","mode":"managed","type":"aws_iam_role_policy_attachment","name":"apprunner_s3","provider_config_key":"aws","expressions":{"policy_arn":{"references":["aws_iam_policy.s3_access.arn","aws_iam_policy.s3_access"]},"role":{"references":["aws_iam_role.apprunner.name","aws_iam_role.apprunner"]}},"schema_version":0},{"address":"aws_s3_bucket.artifacts","mode":"managed","type":"aws_s3_bucket","name":"artifacts","provider_config_key":"aws","expressions":{"bucket":{"references":["local.name_prefix"]},"force_destroy":{"constant_value":true}},"schema_version":0},{"address":"aws_s3_bucket_public_access_block.artifacts","mode":"managed","type":"aws_s3_bucket_public_access_block","name":"artifacts","provider_config_key":"aws","expressions":{"block_public_acls":{"constant_value":true},"block_public_policy":{"constant_value":true},"bucket":{"references":["aws_s3_bucket.artifacts.id","aws_s3_bucket.artifacts"]},"ignore_public_acls":{"constant_value":true},"restrict_public_buckets":{"constant_value":true}},"schema_version":0},{"address":"aws_s3_bucket_versioning.artifacts","mode":"managed","type":"aws_s3_bucket_versioning","name":"artifacts","provider_config_key":"aws","expressions":{"bucket":{"references":["aws_s3_bucket.artifacts.id","aws_s3_bucket.artifacts"]},"versioning_configuration":[{"status":{"constant_value":"Enabled"}}]},"schema_version":0},{"address":"random_id.suffix","mode":"managed","type":"random_id","name":"suffix","provider_config_key":"random","expressions":{"byte_length":{"constant_value":4}},"schema_version":0},{"address":"data.aws_iam_policy_document.apprunner_assume","mode":"data","type":"aws_iam_policy_document","name":"apprunner_assume","provider_config_key":"aws","expressions":{"statement":[{"actions":{"constant_value":["sts:AssumeRole"]},"effect":{"constant_value":"Allow"},"principals":[{"identifiers":{"constant_value":["build.apprunner.amazonaws.com","tasks.apprunner.amazonaws.com"]},"type":{"constant_value":"Service"}}]}]},"schema_version":0},{"address":"data.aws_iam_policy_document.s3_access","mode":"data","type":"aws_iam_policy_document","name":"s3_access","provider_config_key":"aws","expressions":{"statement":[{"actions":{"constant_value":["s3:ListBucket"]},"effect":{"constant_value":"Allow"},"resources":{"references":["aws_s3_bucket.artifacts.arn","aws_s3_bucket.artifacts"]},"sid":{"constant_value":"ListBucket"}},{"actions":{"constant_value":["s3:GetObject","s3:PutObject","s3:DeleteObject"]},"effect":{"constant_value":"Allow"},"resources":{"references":["aws_s3_bucket.artifacts.arn","aws_s3_bucket.artifacts"]},"sid":{"constant_value":"ObjectAccess"}}]},"schema_version":0}],"variables":{"app_name":{"default":"mlflow-server","description":"Application name used for resource naming."},"aws_region":{"default":"us-east-1","description":"AWS region to deploy into."},"container_port":{"default":80,"description":"Port exposed by the container / App Runner service."},"mlflow_password":{"default":"mlflow","description":"Comma-delimited list of passwords for HTTP basic auth. Must align with mlflow_username order.","sensitive":true},"mlflow_username":{"default":"mlflow","description":"Comma-delimited list of usernames for HTTP basic auth."}}}},"relevant_attributes":[{"resource":"data.aws_iam_policy_document.apprunner_assume","attribute":["json"]},{"resource":"aws_ecr_repository.app","attribute":["repository_url"]},{"resource":"aws_iam_policy.s3_access","attribute":["arn"]},{"resource":"aws_s3_bucket.artifacts","attribute":["arn"]},{"resource":"data.aws_iam_policy_document.s3_access","attribute":["json"]},{"resource":"aws_s3_bucket.artifacts","attribute":["id"]},{"resource":"random_id.suffix","attribute":["hex"]},{"resource":"aws_iam_role.apprunner","attribute":["name"]},{"resource":"aws_iam_role.apprunner","attribute":["arn"]},{"resource":"aws_s3_bucket.artifacts","attribute":["bucket"]}],"timestamp":"2026-01-25T16:00:23Z","applyable":true,"complete":true,"errored":false}
