{"format_version":"1.2","terraform_version":"1.13.5","variables":{"app_name":{"value":"loan-calc"},"aws_region":{"value":"us-east-1"},"enable_static_site":{"value":true}},"planned_values":{"outputs":{"s3_bucket_name":{"sensitive":false},"s3_website_endpoint":{"sensitive":false}},"root_module":{"resources":[{"address":"aws_s3_bucket.site[0]","mode":"managed","type":"aws_s3_bucket","name":"site","index":0,"provider_name":"registry.terraform.io/hashicorp/aws","schema_version":0,"values":{"force_destroy":true,"region":"us-east-1","tags":null,"tags_all":{"Managed":"terraform","Project":"loan-calc"},"timeouts":null},"sensitive_values":{"cors_rule":[],"grant":[],"lifecycle_rule":[],"logging":[],"object_lock_configuration":[],"replication_configuration":[],"server_side_encryption_configuration":[],"tags_all":{},"versioning":[],"website":[]},"identity_schema_version":0,"identity":{"account_id":null,"bucket":null,"region":null}},{"address":"aws_s3_bucket_acl.site[0]","mode":"managed","type":"aws_s3_bucket_acl","name":"site","index":0,"provider_name":"registry.terraform.io/hashicorp/aws","schema_version":0,"values":{"acl":"public-read","expected_bucket_owner":null,"region":"us-east-1"},"sensitive_values":{"access_control_policy":[]},"identity_schema_version":0,"identity":{"account_id":null,"acl":null,"bucket":null,"expected_bucket_owner":null,"region":null}},{"address":"aws_s3_bucket_ownership_controls.site[0]","mode":"managed","type":"aws_s3_bucket_ownership_controls","name":"site","index":0,"provider_name":"registry.terraform.io/hashicorp/aws","schema_version":0,"values":{"region":"us-east-1","rule":[{"object_ownership":"BucketOwnerPreferred"}]},"sensitive_values":{"rule":[{}]},"identity_schema_version":0,"identity":{"account_id":null,"bucket":null,"region":null}},{"address":"aws_s3_bucket_policy.public_read[0]","mode":"managed","type":"aws_s3_bucket_policy","name":"public_read","index":0,"provider_name":"registry.terraform.io/hashicorp/aws","schema_version":0,"values":{"region":"us-east-1"},"sensitive_values":{},"identity_schema_version":0,"identity":{"account_id":null,"bucket":null,"region":null}},{"address":"aws_s3_bucket_public_access_block.site[0]","mode":"managed","type":"aws_s3_bucket_public_access_block","name":"site","index":0,"provider_name":"registry.terraform.io/hashicorp/aws","schema_version":0,"values":{"block_public_acls":false,"block_public_policy":false,"ignore_public_acls":false,"region":"us-east-1","restrict_public_buckets":false,"skip_destroy":null},"sensitive_values":{},"identity_schema_version":0,"identity":{"account_id":null,"bucket":null,"region":null}},{"address":"aws_s3_bucket_website_configuration.site[0]","mode":"managed","type":"aws_s3_bucket_website_configuration","name":"site","index":0,"provider_name":"registry.terraform.io/hashicorp/aws","schema_version":0,"values":{"error_document":[{"key":"index.html"}],"expected_bucket_owner":null,"index_document":[{"suffix":"index.html"}],"redirect_all_requests_to":[],"region":"us-east-1"},"sensitive_values":{"error_document":[{}],"index_document":[{}],"redirect_all_requests_to":[],"routing_rule":[]},"identity_schema_version":0,"identity":{"account_id":null,"bucket":null,"expected_bucket_owner":null,"region":null}},{"address":"data.aws_iam_policy_document.public_read","mode":"data","type":"aws_iam_policy_document","name":"public_read","provider_name":"registry.terraform.io/hashicorp/aws","schema_version":0,"values":{"override_json":null,"override_policy_documents":null,"policy_id":null,"source_json":null,"source_policy_documents":null,"statement":[{"actions":["s3:GetObject"],"condition":[],"effect":"Allow","not_actions":null,"not_principals":[],"not_resources":null,"principals":[{"identifiers":["*"],"type":"*"}],"resources":[null],"sid":"PublicReadGetObject"}],"version":null},"sensitive_values":{"statement":[{"actions":[false],"condition":[],"not_principals":[],"principals":[{"identifiers":[false]}],"resources":[false]}]}},{"address":"random_id.suffix","mode":"managed","type":"random_id","name":"suffix","provider_name":"registry.terraform.io/hashicorp/random","schema_version":0,"values":{"byte_length":4,"keepers":null,"prefix":null},"sensitive_values":{}}]}},"resource_changes":[{"address":"data.aws_iam_policy_document.public_read","mode":"data","type":"aws_iam_policy_document","name":"public_read","provider_name":"registry.terraform.io/hashicorp/aws","change":{"actions":["read"],"before":null,"after":{"override_json":null,"override_policy_documents":null,"policy_id":null,"source_json":null,"source_policy_documents":null,"statement":[{"actions":["s3:GetObject"],"condition":[],"effect":"Allow","not_actions":null,"not_principals":[],"not_resources":null,"principals":[{"identifiers":["*"],"type":"*"}],"resources":[null],"sid":"PublicReadGetObject"}],"version":null},"after_unknown":{"id":true,"json":true,"minified_json":true,"statement":[{"actions":[false],"condition":[],"not_principals":[],"principals":[{"identifiers":[false]}],"resources":[true]}]},"before_sensitive":false,"after_sensitive":{"statement":[{"actions":[false],"condition":[],"not_principals":[],"principals":[{"identifiers":[false]}],"resources":[false]}]}},"action_reason":"read_because_config_unknown"},{"address":"aws_s3_bucket.site[0]","mode":"managed","type":"aws_s3_bucket","name":"site","index":0,"provider_name":"registry.terraform.io/hashicorp/aws","change":{"actions":["create"],"before":null,"after":{"force_destroy":true,"region":"us-east-1","tags":null,"tags_all":{"Managed":"terraform","Project":"loan-calc"},"timeouts":null},"after_unknown":{"acceleration_status":true,"acl":true,"arn":true,"bucket":true,"bucket_domain_name":true,"bucket_prefix":true,"bucket_region":true,"bucket_regional_domain_name":true,"cors_rule":true,"grant":true,"hosted_zone_id":true,"id":true,"lifecycle_rule":true,"logging":true,"object_lock_configuration":true,"object_lock_enabled":true,"policy":true,"replication_configuration":true,"request_payer":true,"server_side_encryption_configuration":true,"tags_all":{},"versioning":true,"website":true,"website_domain":true,"website_endpoint":true},"before_sensitive":false,"after_sensitive":{"cors_rule":[],"grant":[],"lifecycle_rule":[],"logging":[],"object_lock_configuration":[],"replication_configuration":[],"server_side_encryption_configuration":[],"tags_all":{},"versioning":[],"website":[]},"after_identity":{"account_id":null,"bucket":null,"region":null}}},{"address":"aws_s3_bucket_acl.site[0]","mode":"managed","type":"aws_s3_bucket_acl","name":"site","index":0,"provider_name":"registry.terraform.io/hashicorp/aws","change":{"actions":["create"],"before":null,"after":{"acl":"public-read","expected_bucket_owner":null,"region":"us-east-1"},"after_unknown":{"access_control_policy":true,"bucket":true,"id":true},"before_sensitive":false,"after_sensitive":{"access_control_policy":[]},"after_identity":{"account_id":null,"acl":null,"bucket":null,"expected_bucket_owner":null,"region":null}}},{"address":"aws_s3_bucket_ownership_controls.site[0]","mode":"managed","type":"aws_s3_bucket_ownership_controls","name":"site","index":0,"provider_name":"registry.terraform.io/hashicorp/aws","change":{"actions":["create"],"before":null,"after":{"region":"us-east-1","rule":[{"object_ownership":"BucketOwnerPreferred"}]},"after_unknown":{"bucket":true,"id":true,"rule":[{}]},"before_sensitive":false,"after_sensitive":{"rule":[{}]},"after_identity":{"account_id":null,"bucket":null,"region":null}}},{"address":"aws_s3_bucket_policy.public_read[0]","mode":"managed","type":"aws_s3_bucket_policy","name":"public_read","index":0,"provider_name":"registry.terraform.io/hashicorp/aws","change":{"actions":["create"],"before":null,"after":{"region":"us-east-1"},"after_unknown":{"bucket":true,"id":true,"policy":true},"before_sensitive":false,"after_sensitive":{},"after_identity":{"account_id":null,"bucket":null,"region":null}}},{"address":"aws_s3_bucket_public_access_block.site[0]","mode":"managed","type":"aws_s3_bucket_public_access_block","name":"site","index":0,"provider_name":"registry.terraform.io/hashicorp/aws","change":{"actions":["create"],"before":null,"after":{"block_public_acls":false,"block_public_policy":false,"ignore_public_acls":false,"region":"us-east-1","restrict_public_buckets":false,"skip_destroy":null},"after_unknown":{"bucket":true,"id":true},"before_sensitive":false,"after_sensitive":{},"after_identity":{"account_id":null,"bucket":null,"region":null}}},{"address":"aws_s3_bucket_website_configuration.site[0]","mode":"managed","type":"aws_s3_bucket_website_configuration","name":"site","index":0,"provider_name":"registry.terraform.io/hashicorp/aws","change":{"actions":["create"],"before":null,"after":{"error_document":[{"key":"index.html"}],"expected_bucket_owner":null,"index_document":[{"suffix":"index.html"}],"redirect_all_requests_to":[],"region":"us-east-1"},"after_unknown":{"bucket":true,"error_document":[{}],"id":true,"index_document":[{}],"redirect_all_requests_to":[],"routing_rule":true,"routing_rules":true,"website_domain":true,"website_endpoint":true},"before_sensitive":false,"after_sensitive":{"error_document":[{}],"index_document":[{}],"redirect_all_requests_to":[],"routing_rule":[]},"after_identity":{"account_id":null,"bucket":null,"expected_bucket_owner":null,"region":null}}},{"address":"random_id.suffix","mode":"managed","type":"random_id","name":"suffix","provider_name":"registry.terraform.io/hashicorp/random","change":{"actions":["create"],"before":null,"after":{"byte_length":4,"keepers":null,"prefix":null},"after_unknown":{"b64_std":true,"b64_url":true,"dec":true,"hex":true,"id":true},"before_sensitive":false,"after_sensitive":{}}}],"output_changes":{"s3_bucket_name":{"actions":["create"],"before":null,"after_unknown":true,"before_sensitive":false,"after_sensitive":false},"s3_website_endpoint":{"actions":["create"],"before":null,"after_unknown":true,"before_sensitive":false,"after_sensitive":false}},"configuration":{"provider_config":{"aws":{"name":"aws","full_name":"registry.terraform.io/hashicorp/aws","version_constraint":"\u003e= 5.0.0","expressions":{"default_tags":[{"tags":{"references":["var.app_name"]}}],"region":{"references":["var.aws_region"]}}},"random":{"name":"random","full_name":"registry.terraform.io/hashicorp/random","version_constraint":"\u003e= 3.5.0"}},"root_module":{"outputs":{"s3_bucket_name":{"expression":{"references":["aws_s3_bucket.site[0].bucket","aws_s3_bucket.site[0]","aws_s3_bucket.site"]},"description":"Name of the S3 bucket hosting the static site"},"s3_website_endpoint":{"expression":{"references":["aws_s3_bucket_website_configuration.site[0].website_endpoint","aws_s3_bucket_website_configuration.site[0]","aws_s3_bucket_website_configuration.site"]},"description":"S3 static website endpoint (HTTP)"}},"resources":[{"address":"aws_s3_bucket.site","mode":"managed","type":"aws_s3_bucket","name":"site","provider_config_key":"aws","expressions":{"bucket":{"references":["local.bucket_name"]},"force_destroy":{"constant_value":true}},"schema_version":0,"count_expression":{"references":["var.enable_static_site"]}},{"address":"aws_s3_bucket_acl.site","mode":"managed","type":"aws_s3_bucket_acl","name":"site","provider_config_key":"aws","expressions":{"acl":{"constant_value":"public-read"},"bucket":{"references":["aws_s3_bucket.site[0].id","aws_s3_bucket.site[0]","aws_s3_bucket.site"]}},"schema_version":0,"count_expression":{"references":["var.enable_static_site"]},"depends_on":["aws_s3_bucket_public_access_block.site","aws_s3_bucket_ownership_controls.site"]},{"address":"aws_s3_bucket_ownership_controls.site","mode":"managed","type":"aws_s3_bucket_ownership_controls","name":"site","provider_config_key":"aws","expressions":{"bucket":{"references":["aws_s3_bucket.site[0].id","aws_s3_bucket.site[0]","aws_s3_bucket.site"]},"rule":[{"object_ownership":{"constant_value":"BucketOwnerPreferred"}}]},"schema_version":0,"count_expression":{"references":["var.enable_static_site"]}},{"address":"aws_s3_bucket_policy.public_read","mode":"managed","type":"aws_s3_bucket_policy","name":"public_read","provider_config_key":"aws","expressions":{"bucket":{"references":["aws_s3_bucket.site[0].id","aws_s3_bucket.site[0]","aws_s3_bucket.site"]},"policy":{"references":["data.aws_iam_policy_document.public_read.json","data.aws_iam_policy_document.public_read"]}},"schema_version":0,"count_expression":{"references":["var.enable_static_site"]},"depends_on":["aws_s3_bucket_public_access_block.site"]},{"address":"aws_s3_bucket_public_access_block.site","mode":"managed","type":"aws_s3_bucket_public_access_block","name":"site","provider_config_key":"aws","expressions":{"block_public_acls":{"constant_value":false},"block_public_policy":{"constant_value":false},"bucket":{"references":["aws_s3_bucket.site[0].id","aws_s3_bucket.site[0]","aws_s3_bucket.site"]},"ignore_public_acls":{"constant_value":false},"restrict_public_buckets":{"constant_value":false}},"schema_version":0,"count_expression":{"references":["var.enable_static_site"]}},{"address":"aws_s3_bucket_website_configuration.site","mode":"managed","type":"aws_s3_bucket_website_configuration","name":"site","provider_config_key":"aws","expressions":{"bucket":{"references":["aws_s3_bucket.site[0].id","aws_s3_bucket.site[0]","aws_s3_bucket.site"]},"error_document":[{"key":{"constant_value":"index.html"}}],"index_document":[{"suffix":{"constant_value":"index.html"}}]},"schema_version":0,"count_expression":{"references":["var.enable_static_site"]}},{"address":"random_id.suffix","mode":"managed","type":"random_id","name":"suffix","provider_config_key":"random","expressions":{"byte_length":{"constant_value":4}},"schema_version":0},{"address":"data.aws_iam_policy_document.public_read","mode":"data","type":"aws_iam_policy_document","name":"public_read","provider_config_key":"aws","expressions":{"statement":[{"actions":{"constant_value":["s3:GetObject"]},"effect":{"constant_value":"Allow"},"principals":[{"identifiers":{"constant_value":["*"]},"type":{"constant_value":"*"}}],"resources":{"references":["aws_s3_bucket.site[0].arn","aws_s3_bucket.site[0]","aws_s3_bucket.site"]},"sid":{"constant_value":"PublicReadGetObject"}}]},"schema_version":0}],"variables":{"app_name":{"default":"loan-calc","description":"Application name used for naming/tagging"},"aws_region":{"default":"us-east-1","description":"AWS region to deploy into"},"enable_static_site":{"default":true,"description":"If true, create an S3 static website bucket (public)."}}}},"relevant_attributes":[{"resource":"aws_s3_bucket.site[0]","attribute":["arn"]},{"resource":"random_id.suffix","attribute":["hex"]},{"resource":"data.aws_iam_policy_document.public_read","attribute":["json"]},{"resource":"aws_s3_bucket.site[0]","attribute":["id"]},{"resource":"aws_s3_bucket.site[0]","attribute":["bucket"]},{"resource":"aws_s3_bucket_website_configuration.site[0]","attribute":["website_endpoint"]}],"timestamp":"2026-01-27T20:31:03Z","applyable":true,"complete":true,"errored":false}
