{"format_version":"1.2","terraform_version":"1.13.5","variables":{"lambda_name":{"value":"iterator-lambda"},"lambda_role_name":{"value":"iterator-lambda-role"},"region":{"value":"us-west-2"},"target_lambda_arn":{"value":"arn:aws:lambda:us-east-1:000000000000:ai-basis-tf"}},"planned_values":{"outputs":{"iterator_lambda_function_name":{"sensitive":false,"type":"string","value":"iterator-lambda"},"step_function_arn":{"sensitive":false}},"root_module":{"resources":[{"address":"aws_iam_role.lambda_exec","mode":"managed","type":"aws_iam_role","name":"lambda_exec","provider_name":"registry.terraform.io/hashicorp/aws","schema_version":0,"values":{"assume_role_policy":"{\"Statement\":[{\"Action\":\"sts:AssumeRole\",\"Effect\":\"Allow\",\"Principal\":{\"Service\":\"lambda.amazonaws.com\"}}],\"Version\":\"2012-10-17\"}","description":null,"force_detach_policies":false,"max_session_duration":3600,"name":"iterator-lambda-role","path":"/","permissions_boundary":null,"tags":null},"sensitive_values":{"inline_policy":[],"managed_policy_arns":[],"tags_all":{}},"identity_schema_version":0,"identity":{"account_id":null,"name":null}},{"address":"aws_iam_role_policy.lambda_policy","mode":"managed","type":"aws_iam_role_policy","name":"lambda_policy","provider_name":"registry.terraform.io/hashicorp/aws","schema_version":0,"values":{"name":"lambda-invoke-policy","policy":"{\"Version\":\"2012-10-17\",\"Statement\":[{\"Action\":[\"logs:CreateLogGroup\",\"logs:CreateLogStream\",\"logs:PutLogEvents\",\"lambda:InvokeFunction\"],\"Effect\":\"Allow\",\"Resource\":\"*\"}]}"},"sensitive_values":{},"identity_schema_version":0,"identity":{"account_id":null,"name":null,"role":null}},{"address":"aws_lambda_function.iterator_lambda","mode":"managed","type":"aws_lambda_function","name":"iterator_lambda","provider_name":"registry.terraform.io/hashicorp/aws","schema_version":0,"values":{"capacity_provider_config":[],"code_signing_config_arn":null,"dead_letter_config":[],"description":null,"durable_config":[],"environment":[{"variables":{"LAMBDA":"arn:aws:lambda:us-east-1:000000000000:ai-basis-tf","REGION":"us-west-2"}}],"file_system_config":[],"filename":"lambda.zip","function_name":"iterator-lambda","handler":"main","image_config":[],"image_uri":null,"kms_key_arn":null,"layers":null,"memory_size":128,"package_type":"Zip","publish":false,"publish_to":null,"region":"us-west-2","replace_security_groups_on_destroy":null,"replacement_security_group_ids":null,"reserved_concurrent_executions":-1,"runtime":"go1.x","s3_bucket":null,"s3_key":null,"s3_object_version":null,"skip_destroy":false,"snap_start":[],"source_kms_key_arn":null,"tags":null,"tenancy_config":[],"timeout":3,"timeouts":null,"vpc_config":[]},"sensitive_values":{"architectures":[],"capacity_provider_config":[],"dead_letter_config":[],"durable_config":[],"environment":[{"variables":{}}],"ephemeral_storage":[],"file_system_config":[],"image_config":[],"logging_config":[],"snap_start":[],"tags_all":{},"tenancy_config":[],"tracing_config":[],"vpc_config":[]},"identity_schema_version":0,"identity":{"account_id":null,"function_name":null,"region":null}},{"address":"aws_sfn_state_machine.iterator_step_function","mode":"managed","type":"aws_sfn_state_machine","name":"iterator_step_function","provider_name":"registry.terraform.io/hashicorp/aws","schema_version":0,"values":{"name":"iterator-step-function","publish":false,"region":"us-west-2","tags":null,"timeouts":null,"type":"STANDARD"},"sensitive_values":{"encryption_configuration":[],"logging_configuration":[],"tags_all":{},"tracing_configuration":[]},"identity_schema_version":0,"identity":{"arn":null}}]}},"resource_changes":[{"address":"aws_iam_role.lambda_exec","mode":"managed","type":"aws_iam_role","name":"lambda_exec","provider_name":"registry.terraform.io/hashicorp/aws","change":{"actions":["create"],"before":null,"after":{"assume_role_policy":"{\"Statement\":[{\"Action\":\"sts:AssumeRole\",\"Effect\":\"Allow\",\"Principal\":{\"Service\":\"lambda.amazonaws.com\"}}],\"Version\":\"2012-10-17\"}","description":null,"force_detach_policies":false,"max_session_duration":3600,"name":"iterator-lambda-role","path":"/","permissions_boundary":null,"tags":null},"after_unknown":{"arn":true,"create_date":true,"id":true,"inline_policy":true,"managed_policy_arns":true,"name_prefix":true,"tags_all":true,"unique_id":true},"before_sensitive":false,"after_sensitive":{"inline_policy":[],"managed_policy_arns":[],"tags_all":{}},"after_identity":{"account_id":null,"name":null}}},{"address":"aws_iam_role_policy.lambda_policy","mode":"managed","type":"aws_iam_role_policy","name":"lambda_policy","provider_name":"registry.terraform.io/hashicorp/aws","change":{"actions":["create"],"before":null,"after":{"name":"lambda-invoke-policy","policy":"{\"Version\":\"2012-10-17\",\"Statement\":[{\"Action\":[\"logs:CreateLogGroup\",\"logs:CreateLogStream\",\"logs:PutLogEvents\",\"lambda:InvokeFunction\"],\"Effect\":\"Allow\",\"Resource\":\"*\"}]}"},"after_unknown":{"id":true,"name_prefix":true,"role":true},"before_sensitive":false,"after_sensitive":{},"after_identity":{"account_id":null,"name":null,"role":null}}},{"address":"aws_lambda_function.iterator_lambda","mode":"managed","type":"aws_lambda_function","name":"iterator_lambda","provider_name":"registry.terraform.io/hashicorp/aws","change":{"actions":["create"],"before":null,"after":{"capacity_provider_config":[],"code_signing_config_arn":null,"dead_letter_config":[],"description":null,"durable_config":[],"environment":[{"variables":{"LAMBDA":"arn:aws:lambda:us-east-1:000000000000:ai-basis-tf","REGION":"us-west-2"}}],"file_system_config":[],"filename":"lambda.zip","function_name":"iterator-lambda","handler":"main","image_config":[],"image_uri":null,"kms_key_arn":null,"layers":null,"memory_size":128,"package_type":"Zip","publish":false,"publish_to":null,"region":"us-west-2","replace_security_groups_on_destroy":null,"replacement_security_group_ids":null,"reserved_concurrent_executions":-1,"runtime":"go1.x","s3_bucket":null,"s3_key":null,"s3_object_version":null,"skip_destroy":false,"snap_start":[],"source_kms_key_arn":null,"tags":null,"tenancy_config":[],"timeout":3,"timeouts":null,"vpc_config":[]},"after_unknown":{"architectures":true,"arn":true,"capacity_provider_config":[],"code_sha256":true,"dead_letter_config":[],"durable_config":[],"environment":[{"variables":{}}],"ephemeral_storage":true,"file_system_config":[],"id":true,"image_config":[],"invoke_arn":true,"last_modified":true,"logging_config":true,"qualified_arn":true,"qualified_invoke_arn":true,"response_streaming_invoke_arn":true,"role":true,"signing_job_arn":true,"signing_profile_version_arn":true,"snap_start":[],"source_code_hash":true,"source_code_size":true,"tags_all":true,"tenancy_config":[],"tracing_config":true,"version":true,"vpc_config":[]},"before_sensitive":false,"after_sensitive":{"architectures":[],"capacity_provider_config":[],"dead_letter_config":[],"durable_config":[],"environment":[{"variables":{}}],"ephemeral_storage":[],"file_system_config":[],"image_config":[],"logging_config":[],"snap_start":[],"tags_all":{},"tenancy_config":[],"tracing_config":[],"vpc_config":[]},"after_identity":{"account_id":null,"function_name":null,"region":null}}},{"address":"aws_sfn_state_machine.iterator_step_function","mode":"managed","type":"aws_sfn_state_machine","name":"iterator_step_function","provider_name":"registry.terraform.io/hashicorp/aws","change":{"actions":["create"],"before":null,"after":{"name":"iterator-step-function","publish":false,"region":"us-west-2","tags":null,"timeouts":null,"type":"STANDARD"},"after_unknown":{"arn":true,"creation_date":true,"definition":true,"description":true,"encryption_configuration":true,"id":true,"logging_configuration":true,"name_prefix":true,"revision_id":true,"role_arn":true,"state_machine_version_arn":true,"status":true,"tags_all":true,"tracing_configuration":true,"version_description":true},"before_sensitive":false,"after_sensitive":{"encryption_configuration":[],"logging_configuration":[],"tags_all":{},"tracing_configuration":[]},"after_identity":{"arn":null}}}],"output_changes":{"iterator_lambda_function_name":{"actions":["create"],"before":null,"after":"iterator-lambda","after_unknown":false,"before_sensitive":false,"after_sensitive":false},"step_function_arn":{"actions":["create"],"before":null,"after_unknown":true,"before_sensitive":false,"after_sensitive":false}},"prior_state":{"format_version":"1.0","terraform_version":"1.13.5","values":{"outputs":{"iterator_lambda_function_name":{"sensitive":false,"value":"iterator-lambda","type":"string"}},"root_module":{}}},"configuration":{"provider_config":{"aws":{"name":"aws","full_name":"registry.terraform.io/hashicorp/aws","version_constraint":"\u003e= 4.0.0","expressions":{"region":{"references":["var.region"]}}}},"root_module":{"outputs":{"iterator_lambda_function_name":{"expression":{"references":["aws_lambda_function.iterator_lambda.function_name","aws_lambda_function.iterator_lambda"]}},"step_function_arn":{"expression":{"references":["aws_sfn_state_machine.iterator_step_function.arn","aws_sfn_state_machine.iterator_step_function"]}}},"resources":[{"address":"aws_iam_role.lambda_exec","mode":"managed","type":"aws_iam_role","name":"lambda_exec","provider_config_key":"aws","expressions":{"assume_role_policy":{"references":["path.module"]},"name":{"references":["var.lambda_role_name"]}},"schema_version":0},{"address":"aws_iam_role_policy.lambda_policy","mode":"managed","type":"aws_iam_role_policy","name":"lambda_policy","provider_config_key":"aws","expressions":{"name":{"constant_value":"lambda-invoke-policy"},"policy":{},"role":{"references":["aws_iam_role.lambda_exec.id","aws_iam_role.lambda_exec"]}},"schema_version":0},{"address":"aws_lambda_function.iterator_lambda","mode":"managed","type":"aws_lambda_function","name":"iterator_lambda","provider_config_key":"aws","expressions":{"environment":[{"variables":{"references":["var.region","var.target_lambda_arn"]}}],"filename":{"constant_value":"lambda.zip"},"function_name":{"references":["var.lambda_name"]},"handler":{"constant_value":"main"},"role":{"references":["aws_iam_role.lambda_exec.arn","aws_iam_role.lambda_exec"]},"runtime":{"constant_value":"go1.x"}},"schema_version":0},{"address":"aws_sfn_state_machine.iterator_step_function","mode":"managed","type":"aws_sfn_state_machine","name":"iterator_step_function","provider_config_key":"aws","expressions":{"definition":{"references":["path.module","aws_lambda_function.iterator_lambda.arn","aws_lambda_function.iterator_lambda"]},"name":{"constant_value":"iterator-step-function"},"role_arn":{"references":["aws_iam_role.lambda_exec.arn","aws_iam_role.lambda_exec"]}},"schema_version":0}],"variables":{"lambda_name":{"default":"iterator-lambda","description":"Name for the iterator Lambda function"},"lambda_role_name":{"default":"iterator-lambda-role","description":"Name for the Lambda execution role"},"region":{"default":"us-west-2","description":"AWS region to deploy into"},"target_lambda_arn":{"description":"ARN of the Lambda function to invoke repeatedly"}}}},"relevant_attributes":[{"resource":"aws_iam_role.lambda_exec","attribute":["arn"]},{"resource":"aws_iam_role.lambda_exec","attribute":["id"]},{"resource":"aws_lambda_function.iterator_lambda","attribute":["arn"]},{"resource":"aws_lambda_function.iterator_lambda","attribute":["function_name"]},{"resource":"aws_sfn_state_machine.iterator_step_function","attribute":["arn"]}],"timestamp":"2026-01-22T18:43:12Z","applyable":true,"complete":true,"errored":false}
