
Terraform used the selected providers to generate the following execution
plan. Resource actions are indicated with the following symbols:
  + create

Terraform will perform the following actions:

  # aws_cloudwatch_log_group.axum_log_group will be created
  + resource "aws_cloudwatch_log_group" "axum_log_group" {
      + arn                         = (known after apply)
      + deletion_protection_enabled = (known after apply)
      + id                          = (known after apply)
      + log_group_class             = (known after apply)
      + name                        = "/ecs/axum-service"
      + name_prefix                 = (known after apply)
      + region                      = "ap-northeast-1"
      + retention_in_days           = 0
      + skip_destroy                = false
      + tags_all                    = (known after apply)
    }

  # aws_codedeploy_app.axum_app will be created
  + resource "aws_codedeploy_app" "axum_app" {
      + application_id      = (known after apply)
      + arn                 = (known after apply)
      + compute_platform    = "ECS"
      + github_account_name = (known after apply)
      + id                  = (known after apply)
      + linked_to_github    = (known after apply)
      + name                = "axum-app"
      + region              = "ap-northeast-1"
      + tags_all            = (known after apply)
    }

  # aws_codedeploy_deployment_group.axum_group will be created
  + resource "aws_codedeploy_deployment_group" "axum_group" {
      + app_name                    = "axum-app"
      + arn                         = (known after apply)
      + compute_platform            = (known after apply)
      + deployment_config_name      = "CodeDeployDefault.ECSAllAtOnce"
      + deployment_group_id         = (known after apply)
      + deployment_group_name       = "axum-group"
      + id                          = (known after apply)
      + outdated_instances_strategy = "UPDATE"
      + region                      = "ap-northeast-1"
      + service_role_arn            = (known after apply)
      + tags_all                    = (known after apply)
      + termination_hook_enabled    = false

      + blue_green_deployment_config {
          + deployment_ready_option {
              + action_on_timeout    = "CONTINUE_DEPLOYMENT"
              + wait_time_in_minutes = 0
            }
          + green_fleet_provisioning_option (known after apply)
          + terminate_blue_instances_on_deployment_success {
              + action                           = "TERMINATE"
              + termination_wait_time_in_minutes = 5
            }
        }

      + deployment_style {
          + deployment_option = "WITH_TRAFFIC_CONTROL"
          + deployment_type   = "BLUE_GREEN"
        }

      + ecs_service {
          + cluster_name = "axum-cluster"
          + service_name = "axum-service"
        }

      + load_balancer_info {
          + target_group_pair_info {
              + prod_traffic_route {
                  + listener_arns = (known after apply)
                }
              + target_group {
                  + name = "axum-tg"
                }
              + target_group {
                  + name = "axum-tg-green"
                }
              + test_traffic_route {
                  + listener_arns = (known after apply)
                }
            }
        }

      + trigger_configuration {
          + trigger_events     = [
              + "DeploymentFailure",
            ]
          + trigger_name       = "axum-trigger"
          + trigger_target_arn = (known after apply)
        }
    }

  # aws_ecr_repository.axum_app will be created
  + resource "aws_ecr_repository" "axum_app" {
      + arn                  = (known after apply)
      + id                   = (known after apply)
      + image_tag_mutability = "MUTABLE"
      + name                 = "axum-app"
      + region               = "ap-northeast-1"
      + registry_id          = (known after apply)
      + repository_url       = (known after apply)
      + tags_all             = (known after apply)
    }

  # aws_ecs_cluster.main will be created
  + resource "aws_ecs_cluster" "main" {
      + arn      = (known after apply)
      + id       = (known after apply)
      + name     = "axum-cluster"
      + region   = "ap-northeast-1"
      + tags_all = (known after apply)

      + setting (known after apply)
    }

  # aws_ecs_service.axum_service will be created
  + resource "aws_ecs_service" "axum_service" {
      + arn                                = (known after apply)
      + availability_zone_rebalancing      = (known after apply)
      + cluster                            = (known after apply)
      + deployment_maximum_percent         = 200
      + deployment_minimum_healthy_percent = 100
      + desired_count                      = 1
      + enable_ecs_managed_tags            = false
      + enable_execute_command             = false
      + iam_role                           = (known after apply)
      + id                                 = (known after apply)
      + launch_type                        = "FARGATE"
      + name                               = "axum-service"
      + platform_version                   = (known after apply)
      + region                             = "ap-northeast-1"
      + scheduling_strategy                = "REPLICA"
      + tags_all                           = (known after apply)
      + task_definition                    = (known after apply)
      + triggers                           = (known after apply)
      + wait_for_steady_state              = false

      + deployment_configuration (known after apply)

      + deployment_controller {
          + type = "CODE_DEPLOY"
        }

      + load_balancer {
          + container_name   = "axum-app"
          + container_port   = 80
          + target_group_arn = (known after apply)
            # (1 unchanged attribute hidden)
        }

      + network_configuration {
          + assign_public_ip = true
          + security_groups  = (known after apply)
          + subnets          = (known after apply)
        }
    }

  # aws_ecs_task_definition.axum_task will be created
  + resource "aws_ecs_task_definition" "axum_task" {
      + arn                      = (known after apply)
      + arn_without_revision     = (known after apply)
      + container_definitions    = jsonencode(
            [
              + {
                  + cpu              = 256
                  + essential        = true
                  + image            = "httpd:latest"
                  + logConfiguration = {
                      + logDriver = "awslogs"
                      + options   = {
                          + awslogs-group         = "/ecs/axum-service"
                          + awslogs-region        = "ap-northeast-1"
                          + awslogs-stream-prefix = "ecs"
                        }
                    }
                  + memory           = 512
                  + name             = "axum-app"
                  + portMappings     = [
                      + {
                          + containerPort = 80
                          + protocol      = "tcp"
                        },
                    ]
                },
            ]
        )
      + cpu                      = "256"
      + enable_fault_injection   = (known after apply)
      + execution_role_arn       = (known after apply)
      + family                   = "axum-task"
      + id                       = (known after apply)
      + memory                   = "512"
      + network_mode             = "awsvpc"
      + region                   = "ap-northeast-1"
      + requires_compatibilities = [
          + "FARGATE",
        ]
      + revision                 = (known after apply)
      + skip_destroy             = false
      + tags_all                 = (known after apply)
      + track_latest             = false
    }

  # aws_iam_role.codedeploy_service_role will be created
  + resource "aws_iam_role" "codedeploy_service_role" {
      + arn                   = (known after apply)
      + assume_role_policy    = jsonencode(
            {
              + Statement = [
                  + {
                      + Action    = "sts:AssumeRole"
                      + Effect    = "Allow"
                      + Principal = {
                          + Service = "codedeploy.amazonaws.com"
                        }
                    },
                ]
              + Version   = "2012-10-17"
            }
        )
      + create_date           = (known after apply)
      + force_detach_policies = false
      + id                    = (known after apply)
      + managed_policy_arns   = (known after apply)
      + max_session_duration  = 3600
      + name                  = "codedeploy-service-role"
      + name_prefix           = (known after apply)
      + path                  = "/"
      + tags_all              = (known after apply)
      + unique_id             = (known after apply)

      + inline_policy (known after apply)
    }

  # aws_iam_role.execution_role will be created
  + resource "aws_iam_role" "execution_role" {
      + arn                   = (known after apply)
      + assume_role_policy    = jsonencode(
            {
              + Statement = [
                  + {
                      + Action    = "sts:AssumeRole"
                      + Effect    = "Allow"
                      + Principal = {
                          + Service = "ecs-tasks.amazonaws.com"
                        }
                    },
                ]
              + Version   = "2012-10-17"
            }
        )
      + create_date           = (known after apply)
      + force_detach_policies = false
      + id                    = (known after apply)
      + managed_policy_arns   = (known after apply)
      + max_session_duration  = 3600
      + name                  = "axum_task_execution_role"
      + name_prefix           = (known after apply)
      + path                  = "/"
      + tags_all              = (known after apply)
      + unique_id             = (known after apply)

      + inline_policy (known after apply)
    }

  # aws_iam_role_policy_attachment.codedeploy_service_role_policy_attachment will be created
  + resource "aws_iam_role_policy_attachment" "codedeploy_service_role_policy_attachment" {
      + id         = (known after apply)
      + policy_arn = "arn:aws:iam::aws:policy/AWSCodeDeployRoleForECS"
      + role       = "codedeploy-service-role"
    }

  # aws_iam_role_policy_attachment.execution_role_policy_attachment will be created
  + resource "aws_iam_role_policy_attachment" "execution_role_policy_attachment" {
      + id         = (known after apply)
      + policy_arn = "arn:aws:iam::aws:policy/service-role/AmazonECSTaskExecutionRolePolicy"
      + role       = "axum_task_execution_role"
    }

  # aws_internet_gateway.igw will be created
  + resource "aws_internet_gateway" "igw" {
      + arn      = (known after apply)
      + id       = (known after apply)
      + owner_id = (known after apply)
      + region   = "ap-northeast-1"
      + tags_all = (known after apply)
      + vpc_id   = (known after apply)
    }

  # aws_lb.axum_lb will be created
  + resource "aws_lb" "axum_lb" {
      + arn                                                          = (known after apply)
      + arn_suffix                                                   = (known after apply)
      + client_keep_alive                                            = 3600
      + desync_mitigation_mode                                       = "defensive"
      + dns_name                                                     = (known after apply)
      + drop_invalid_header_fields                                   = false
      + enable_deletion_protection                                   = false
      + enable_http2                                                 = true
      + enable_tls_version_and_cipher_suite_headers                  = false
      + enable_waf_fail_open                                         = false
      + enable_xff_client_port                                       = false
      + enable_zonal_shift                                           = false
      + enforce_security_group_inbound_rules_on_private_link_traffic = (known after apply)
      + id                                                           = (known after apply)
      + idle_timeout                                                 = 60
      + internal                                                     = false
      + ip_address_type                                              = (known after apply)
      + load_balancer_type                                           = "application"
      + name                                                         = "axum-lb"
      + name_prefix                                                  = (known after apply)
      + preserve_host_header                                         = false
      + region                                                       = "ap-northeast-1"
      + secondary_ips_auto_assigned_per_subnet                       = (known after apply)
      + security_groups                                              = (known after apply)
      + subnets                                                      = (known after apply)
      + tags                                                         = {
          + "Name" = "axum-lb"
        }
      + tags_all                                                     = {
          + "Name" = "axum-lb"
        }
      + vpc_id                                                       = (known after apply)
      + xff_header_processing_mode                                   = "append"
      + zone_id                                                      = (known after apply)

      + subnet_mapping (known after apply)
    }

  # aws_lb_listener.front_end will be created
  + resource "aws_lb_listener" "front_end" {
      + arn                                                                   = (known after apply)
      + id                                                                    = (known after apply)
      + load_balancer_arn                                                     = (known after apply)
      + port                                                                  = 80
      + protocol                                                              = "HTTP"
      + region                                                                = "ap-northeast-1"
      + routing_http_request_x_amzn_mtls_clientcert_header_name               = (known after apply)
      + routing_http_request_x_amzn_mtls_clientcert_issuer_header_name        = (known after apply)
      + routing_http_request_x_amzn_mtls_clientcert_leaf_header_name          = (known after apply)
      + routing_http_request_x_amzn_mtls_clientcert_serial_number_header_name = (known after apply)
      + routing_http_request_x_amzn_mtls_clientcert_subject_header_name       = (known after apply)
      + routing_http_request_x_amzn_mtls_clientcert_validity_header_name      = (known after apply)
      + routing_http_request_x_amzn_tls_cipher_suite_header_name              = (known after apply)
      + routing_http_request_x_amzn_tls_version_header_name                   = (known after apply)
      + routing_http_response_access_control_allow_credentials_header_value   = (known after apply)
      + routing_http_response_access_control_allow_headers_header_value       = (known after apply)
      + routing_http_response_access_control_allow_methods_header_value       = (known after apply)
      + routing_http_response_access_control_allow_origin_header_value        = (known after apply)
      + routing_http_response_access_control_expose_headers_header_value      = (known after apply)
      + routing_http_response_access_control_max_age_header_value             = (known after apply)
      + routing_http_response_content_security_policy_header_value            = (known after apply)
      + routing_http_response_server_enabled                                  = (known after apply)
      + routing_http_response_strict_transport_security_header_value          = (known after apply)
      + routing_http_response_x_content_type_options_header_value             = (known after apply)
      + routing_http_response_x_frame_options_header_value                    = (known after apply)
      + ssl_policy                                                            = (known after apply)
      + tags_all                                                              = (known after apply)
      + tcp_idle_timeout_seconds                                              = (known after apply)

      + default_action {
          + order            = (known after apply)
          + target_group_arn = (known after apply)
          + type             = "forward"
        }

      + mutual_authentication (known after apply)
    }

  # aws_lb_listener.front_end_green will be created
  + resource "aws_lb_listener" "front_end_green" {
      + arn                                                                   = (known after apply)
      + id                                                                    = (known after apply)
      + load_balancer_arn                                                     = (known after apply)
      + port                                                                  = 81
      + protocol                                                              = "HTTP"
      + region                                                                = "ap-northeast-1"
      + routing_http_request_x_amzn_mtls_clientcert_header_name               = (known after apply)
      + routing_http_request_x_amzn_mtls_clientcert_issuer_header_name        = (known after apply)
      + routing_http_request_x_amzn_mtls_clientcert_leaf_header_name          = (known after apply)
      + routing_http_request_x_amzn_mtls_clientcert_serial_number_header_name = (known after apply)
      + routing_http_request_x_amzn_mtls_clientcert_subject_header_name       = (known after apply)
      + routing_http_request_x_amzn_mtls_clientcert_validity_header_name      = (known after apply)
      + routing_http_request_x_amzn_tls_cipher_suite_header_name              = (known after apply)
      + routing_http_request_x_amzn_tls_version_header_name                   = (known after apply)
      + routing_http_response_access_control_allow_credentials_header_value   = (known after apply)
      + routing_http_response_access_control_allow_headers_header_value       = (known after apply)
      + routing_http_response_access_control_allow_methods_header_value       = (known after apply)
      + routing_http_response_access_control_allow_origin_header_value        = (known after apply)
      + routing_http_response_access_control_expose_headers_header_value      = (known after apply)
      + routing_http_response_access_control_max_age_header_value             = (known after apply)
      + routing_http_response_content_security_policy_header_value            = (known after apply)
      + routing_http_response_server_enabled                                  = (known after apply)
      + routing_http_response_strict_transport_security_header_value          = (known after apply)
      + routing_http_response_x_content_type_options_header_value             = (known after apply)
      + routing_http_response_x_frame_options_header_value                    = (known after apply)
      + ssl_policy                                                            = (known after apply)
      + tags_all                                                              = (known after apply)
      + tcp_idle_timeout_seconds                                              = (known after apply)

      + default_action {
          + order            = (known after apply)
          + target_group_arn = (known after apply)
          + type             = "forward"
        }

      + mutual_authentication (known after apply)
    }

  # aws_lb_listener_rule.test_path_rule will be created
  + resource "aws_lb_listener_rule" "test_path_rule" {
      + arn          = (known after apply)
      + id           = (known after apply)
      + listener_arn = (known after apply)
      + priority     = 10
      + region       = "ap-northeast-1"
      + tags_all     = (known after apply)

      + action {
          + order = (known after apply)
          + type  = "fixed-response"

          + fixed_response {
              + content_type = "text/plain"
              + message_body = "This is a test response"
              + status_code  = "200"
            }
        }

      + condition {
          + path_pattern {
              + regex_values = []
              + values       = [
                  + "/test",
                ]
            }
        }
    }

  # aws_lb_target_group.axum_tg will be created
  + resource "aws_lb_target_group" "axum_tg" {
      + arn                                = (known after apply)
      + arn_suffix                         = (known after apply)
      + connection_termination             = (known after apply)
      + deregistration_delay               = "300"
      + id                                 = (known after apply)
      + ip_address_type                    = (known after apply)
      + lambda_multi_value_headers_enabled = false
      + load_balancer_arns                 = (known after apply)
      + load_balancing_algorithm_type      = (known after apply)
      + load_balancing_anomaly_mitigation  = (known after apply)
      + load_balancing_cross_zone_enabled  = (known after apply)
      + name                               = "axum-tg"
      + name_prefix                        = (known after apply)
      + port                               = 80
      + preserve_client_ip                 = (known after apply)
      + protocol                           = "HTTP"
      + protocol_version                   = (known after apply)
      + proxy_protocol_v2                  = false
      + region                             = "ap-northeast-1"
      + slow_start                         = 0
      + tags_all                           = (known after apply)
      + target_type                        = "ip"
      + vpc_id                             = (known after apply)

      + health_check {
          + enabled             = true
          + healthy_threshold   = 2
          + interval            = 30
          + matcher             = "200"
          + path                = "/"
          + port                = "80"
          + protocol            = "HTTP"
          + timeout             = 3
          + unhealthy_threshold = 2
        }

      + stickiness (known after apply)

      + target_failover (known after apply)

      + target_group_health (known after apply)

      + target_health_state (known after apply)
    }

  # aws_lb_target_group.axum_tg_green will be created
  + resource "aws_lb_target_group" "axum_tg_green" {
      + arn                                = (known after apply)
      + arn_suffix                         = (known after apply)
      + connection_termination             = (known after apply)
      + deregistration_delay               = "300"
      + id                                 = (known after apply)
      + ip_address_type                    = (known after apply)
      + lambda_multi_value_headers_enabled = false
      + load_balancer_arns                 = (known after apply)
      + load_balancing_algorithm_type      = (known after apply)
      + load_balancing_anomaly_mitigation  = (known after apply)
      + load_balancing_cross_zone_enabled  = (known after apply)
      + name                               = "axum-tg-green"
      + name_prefix                        = (known after apply)
      + port                               = 80
      + preserve_client_ip                 = (known after apply)
      + protocol                           = "HTTP"
      + protocol_version                   = (known after apply)
      + proxy_protocol_v2                  = false
      + region                             = "ap-northeast-1"
      + slow_start                         = 0
      + tags_all                           = (known after apply)
      + target_type                        = "ip"
      + vpc_id                             = (known after apply)

      + health_check {
          + enabled             = true
          + healthy_threshold   = 2
          + interval            = 30
          + matcher             = "200"
          + path                = "/"
          + port                = "80"
          + protocol            = "HTTP"
          + timeout             = 3
          + unhealthy_threshold = 2
        }

      + stickiness (known after apply)

      + target_failover (known after apply)

      + target_group_health (known after apply)

      + target_health_state (known after apply)
    }

  # aws_main_route_table_association.axum_service_public_association will be created
  + resource "aws_main_route_table_association" "axum_service_public_association" {
      + id                      = (known after apply)
      + original_route_table_id = (known after apply)
      + region                  = "ap-northeast-1"
      + route_table_id          = (known after apply)
      + vpc_id                  = (known after apply)
    }

  # aws_route_table.public will be created
  + resource "aws_route_table" "public" {
      + arn              = (known after apply)
      + id               = (known after apply)
      + owner_id         = (known after apply)
      + propagating_vgws = (known after apply)
      + region           = "ap-northeast-1"
      + route            = [
          + {
              + cidr_block                 = "0.0.0.0/0"
              + gateway_id                 = (known after apply)
                # (11 unchanged attributes hidden)
            },
        ]
      + tags_all         = (known after apply)
      + vpc_id           = (known after apply)
    }

  # aws_security_group.allow_all will be created
  + resource "aws_security_group" "allow_all" {
      + arn                    = (known after apply)
      + description            = "Managed by Terraform"
      + egress                 = [
          + {
              + cidr_blocks      = [
                  + "0.0.0.0/0",
                ]
              + from_port        = 0
              + ipv6_cidr_blocks = []
              + prefix_list_ids  = []
              + protocol         = "-1"
              + security_groups  = []
              + self             = false
              + to_port          = 0
                # (1 unchanged attribute hidden)
            },
        ]
      + id                     = (known after apply)
      + ingress                = [
          + {
              + cidr_blocks      = [
                  + "0.0.0.0/0",
                ]
              + from_port        = 80
              + ipv6_cidr_blocks = []
              + prefix_list_ids  = []
              + protocol         = "tcp"
              + security_groups  = []
              + self             = false
              + to_port          = 80
                # (1 unchanged attribute hidden)
            },
        ]
      + name                   = "allow_all"
      + name_prefix            = (known after apply)
      + owner_id               = (known after apply)
      + region                 = "ap-northeast-1"
      + revoke_rules_on_delete = false
      + tags_all               = (known after apply)
      + vpc_id                 = (known after apply)
    }

  # aws_security_group.allow_http will be created
  + resource "aws_security_group" "allow_http" {
      + arn                    = (known after apply)
      + description            = "Managed by Terraform"
      + egress                 = [
          + {
              + cidr_blocks      = [
                  + "0.0.0.0/0",
                ]
              + from_port        = 0
              + ipv6_cidr_blocks = []
              + prefix_list_ids  = []
              + protocol         = "-1"
              + security_groups  = []
              + self             = false
              + to_port          = 0
                # (1 unchanged attribute hidden)
            },
        ]
      + id                     = (known after apply)
      + ingress                = [
          + {
              + cidr_blocks      = [
                  + "0.0.0.0/0",
                ]
              + from_port        = 80
              + ipv6_cidr_blocks = []
              + prefix_list_ids  = []
              + protocol         = "tcp"
              + security_groups  = []
              + self             = false
              + to_port          = 80
                # (1 unchanged attribute hidden)
            },
        ]
      + name                   = "allow_http"
      + name_prefix            = (known after apply)
      + owner_id               = (known after apply)
      + region                 = "ap-northeast-1"
      + revoke_rules_on_delete = false
      + tags_all               = (known after apply)
      + vpc_id                 = (known after apply)
    }

  # aws_sns_topic.axum_topic will be created
  + resource "aws_sns_topic" "axum_topic" {
      + arn                         = (known after apply)
      + beginning_archive_time      = (known after apply)
      + content_based_deduplication = false
      + fifo_throughput_scope       = (known after apply)
      + fifo_topic                  = false
      + id                          = (known after apply)
      + name                        = "axum-topic"
      + name_prefix                 = (known after apply)
      + owner                       = (known after apply)
      + policy                      = (known after apply)
      + region                      = "ap-northeast-1"
      + signature_version           = (known after apply)
      + tags_all                    = (known after apply)
      + tracing_config              = (known after apply)
    }

  # aws_subnet.private will be created
  + resource "aws_subnet" "private" {
      + arn                                            = (known after apply)
      + assign_ipv6_address_on_creation                = false
      + availability_zone                              = (known after apply)
      + availability_zone_id                           = (known after apply)
      + cidr_block                                     = "10.0.1.0/24"
      + enable_dns64                                   = false
      + enable_resource_name_dns_a_record_on_launch    = false
      + enable_resource_name_dns_aaaa_record_on_launch = false
      + id                                             = (known after apply)
      + ipv6_cidr_block_association_id                 = (known after apply)
      + ipv6_native                                    = false
      + map_public_ip_on_launch                        = false
      + owner_id                                       = (known after apply)
      + private_dns_hostname_type_on_launch            = (known after apply)
      + region                                         = "ap-northeast-1"
      + tags_all                                       = (known after apply)
      + vpc_id                                         = (known after apply)
    }

  # aws_subnet.public1 will be created
  + resource "aws_subnet" "public1" {
      + arn                                            = (known after apply)
      + assign_ipv6_address_on_creation                = false
      + availability_zone                              = "ap-northeast-1a"
      + availability_zone_id                           = (known after apply)
      + cidr_block                                     = "10.0.2.0/24"
      + enable_dns64                                   = false
      + enable_resource_name_dns_a_record_on_launch    = false
      + enable_resource_name_dns_aaaa_record_on_launch = false
      + id                                             = (known after apply)
      + ipv6_cidr_block_association_id                 = (known after apply)
      + ipv6_native                                    = false
      + map_public_ip_on_launch                        = false
      + owner_id                                       = (known after apply)
      + private_dns_hostname_type_on_launch            = (known after apply)
      + region                                         = "ap-northeast-1"
      + tags_all                                       = (known after apply)
      + vpc_id                                         = (known after apply)
    }

  # aws_subnet.public2 will be created
  + resource "aws_subnet" "public2" {
      + arn                                            = (known after apply)
      + assign_ipv6_address_on_creation                = false
      + availability_zone                              = "ap-northeast-1c"
      + availability_zone_id                           = (known after apply)
      + cidr_block                                     = "10.0.3.0/24"
      + enable_dns64                                   = false
      + enable_resource_name_dns_a_record_on_launch    = false
      + enable_resource_name_dns_aaaa_record_on_launch = false
      + id                                             = (known after apply)
      + ipv6_cidr_block_association_id                 = (known after apply)
      + ipv6_native                                    = false
      + map_public_ip_on_launch                        = false
      + owner_id                                       = (known after apply)
      + private_dns_hostname_type_on_launch            = (known after apply)
      + region                                         = "ap-northeast-1"
      + tags_all                                       = (known after apply)
      + vpc_id                                         = (known after apply)
    }

  # aws_vpc.main will be created
  + resource "aws_vpc" "main" {
      + arn                                  = (known after apply)
      + cidr_block                           = "10.0.0.0/16"
      + default_network_acl_id               = (known after apply)
      + default_route_table_id               = (known after apply)
      + default_security_group_id            = (known after apply)
      + dhcp_options_id                      = (known after apply)
      + enable_dns_hostnames                 = (known after apply)
      + enable_dns_support                   = true
      + enable_network_address_usage_metrics = (known after apply)
      + id                                   = (known after apply)
      + instance_tenancy                     = "default"
      + ipv6_association_id                  = (known after apply)
      + ipv6_cidr_block                      = (known after apply)
      + ipv6_cidr_block_network_border_group = (known after apply)
      + main_route_table_id                  = (known after apply)
      + owner_id                             = (known after apply)
      + region                               = "ap-northeast-1"
      + tags_all                             = (known after apply)
    }

Plan: 27 to add, 0 to change, 0 to destroy.

Changes to Outputs:
  + ecr_repository_url           = (known after apply)
  + load_balancer_dns_name       = (known after apply)
  + private_subnet_id            = (known after apply)
  + public_subnet1_id            = (known after apply)
  + public_subnet2_id            = (known after apply)
  + security_group_allow_all_id  = (known after apply)
  + security_group_allow_http_id = (known after apply)
  + vpc_id                       = (known after apply)
aws_vpc.main: Creating...
aws_codedeploy_app.axum_app: Creating...
aws_ecs_cluster.main: Creating...
aws_ecr_repository.axum_app: Creating...
aws_cloudwatch_log_group.axum_log_group: Creating...
aws_sns_topic.axum_topic: Creating...
aws_iam_role.codedeploy_service_role: Creating...
aws_iam_role.execution_role: Creating...
aws_codedeploy_app.axum_app: Creation complete after 1s [id=244159da-86ff-42f5-850a-d3f157e0a1b9:axum-app]
aws_iam_role.execution_role: Creation complete after 1s [id=axum_task_execution_role]
aws_iam_role.codedeploy_service_role: Creation complete after 1s [id=codedeploy-service-role]
aws_iam_role_policy_attachment.codedeploy_service_role_policy_attachment: Creating...
aws_iam_role_policy_attachment.execution_role_policy_attachment: Creating...
aws_ecs_task_definition.axum_task: Creating...
aws_iam_role_policy_attachment.codedeploy_service_role_policy_attachment: Creation complete after 0s [id=codedeploy-service-role/arn:aws:iam::aws:policy/AWSCodeDeployRoleForECS]
aws_iam_role_policy_attachment.execution_role_policy_attachment: Creation complete after 0s [id=axum_task_execution_role/arn:aws:iam::aws:policy/service-role/AmazonECSTaskExecutionRolePolicy]
aws_sns_topic.axum_topic: Creation complete after 1s [id=arn:aws:sns:ap-northeast-1:000000000000:axum-topic]
aws_cloudwatch_log_group.axum_log_group: Creation complete after 2s [id=/ecs/axum-service]
aws_ecs_task_definition.axum_task: Creation complete after 1s [id=axum-task]
aws_vpc.main: Creation complete after 3s [id=vpc-f6919ae41f157ee9c]
aws_internet_gateway.igw: Creating...
aws_subnet.public2: Creating...
aws_subnet.private: Creating...
aws_subnet.public1: Creating...
aws_security_group.allow_all: Creating...
aws_security_group.allow_http: Creating...
aws_lb_target_group.axum_tg_green: Creating...
aws_lb_target_group.axum_tg: Creating...
aws_subnet.private: Creation complete after 0s [id=subnet-d0f550df9f3771d01]
aws_subnet.public1: Creation complete after 0s [id=subnet-d6da72fbbeaf9e403]
aws_subnet.public2: Creation complete after 0s [id=subnet-6e5f7608ed0ddad4f]
aws_internet_gateway.igw: Creation complete after 0s [id=igw-6f4a0d3ccf94226bb]
aws_route_table.public: Creating...
aws_lb_target_group.axum_tg_green: Creation complete after 1s [id=arn:aws:elasticloadbalancing:ap-northeast-1:000000000000:targetgroup/axum-tg-green/fa74e48c63eb63c2]
aws_security_group.allow_http: Creation complete after 1s [id=sg-4081f7a1998b8998c]
aws_route_table.public: Creation complete after 1s [id=rtb-2a1abae87b5e34040]
aws_security_group.allow_all: Creation complete after 1s [id=sg-f701c609a72357f0b]
aws_main_route_table_association.axum_service_public_association: Creating...
aws_lb.axum_lb: Creating...
aws_main_route_table_association.axum_service_public_association: Creation complete after 0s [id=rtbassoc-3890897631daccf07]
aws_lb_target_group.axum_tg: Creation complete after 1s [id=arn:aws:elasticloadbalancing:ap-northeast-1:000000000000:targetgroup/axum-tg/20f85b319dbd4d63]
aws_ecr_repository.axum_app: Creation complete after 5s [id=axum-app]
aws_ecs_cluster.main: Still creating... [00m10s elapsed]
aws_ecs_cluster.main: Creation complete after 12s [id=arn:aws:ecs:ap-northeast-1:000000000000:cluster/axum-cluster]
aws_ecs_service.axum_service: Creating...
aws_ecs_service.axum_service: Creation complete after 2s [id=arn:aws:ecs:ap-northeast-1:000000000000:service/axum-cluster/axum-service]
aws_lb.axum_lb: Still creating... [00m10s elapsed]
aws_lb.axum_lb: Still creating... [00m20s elapsed]
aws_lb.axum_lb: Still creating... [00m30s elapsed]
