{"format_version":"1.2","terraform_version":"1.13.5","variables":{"aws_region":{"value":"ap-southeast-1"},"enable_s3_read":{"value":false},"lambda_artifact_path":{"value":"../lambda/build/handler.zip"},"lambda_memory_size":{"value":128},"lambda_sqs_batch_size":{"value":10},"lambda_sqs_maximum_batching_window_seconds":{"value":0},"lambda_timeout_seconds":{"value":30},"log_retention_days":{"value":14},"name_prefix":{"value":"localstack-s3-sqs-lambda"},"s3_event_prefix":{"value":""},"s3_event_suffix":{"value":".csv"},"sqs_max_receive_count":{"value":5},"sqs_message_retention_seconds":{"value":345600},"sqs_visibility_timeout_seconds":{"value":60},"tags":{"value":{"Managed":"terraform","Project":"localstack-s3-sqs-lambda"}}},"planned_values":{"outputs":{"lambda_function_name":{"sensitive":false,"type":"string","value":"localstack-s3-sqs-lambda"},"s3_bucket_name":{"sensitive":false,"type":"string","value":"localstack-s3-sqs-lambda-000000000000-ap-southeast-1"},"sqs_dlq_url":{"sensitive":false},"sqs_queue_arn":{"sensitive":false},"sqs_queue_url":{"sensitive":false}},"root_module":{"resources":[{"address":"aws_cloudwatch_log_group.lambda","mode":"managed","type":"aws_cloudwatch_log_group","name":"lambda","provider_name":"registry.terraform.io/hashicorp/aws","schema_version":0,"values":{"kms_key_id":null,"name":"/aws/lambda/localstack-s3-sqs-lambda","retention_in_days":14,"skip_destroy":false,"tags":null,"tags_all":{"Managed":"terraform","Project":"localstack-s3-sqs-lambda"}},"sensitive_values":{"tags_all":{}}},{"address":"aws_cloudwatch_metric_alarm.dlq_depth","mode":"managed","type":"aws_cloudwatch_metric_alarm","name":"dlq_depth","provider_name":"registry.terraform.io/hashicorp/aws","schema_version":1,"values":{"actions_enabled":true,"alarm_actions":null,"alarm_description":"Messages are landing in the DLQ.","alarm_name":"localstack-s3-sqs-lambda-dlq-depth","comparison_operator":"GreaterThanThreshold","datapoints_to_alarm":null,"dimensions":{"QueueName":"localstack-s3-sqs-lambda-dlq"},"evaluation_periods":1,"extended_statistic":null,"insufficient_data_actions":null,"metric_name":"ApproximateNumberOfMessagesVisible","metric_query":[],"namespace":"AWS/SQS","ok_actions":null,"period":60,"statistic":"Sum","tags":null,"tags_all":{"Managed":"terraform","Project":"localstack-s3-sqs-lambda"},"threshold":1,"threshold_metric_id":null,"treat_missing_data":"missing","unit":null},"sensitive_values":{"dimensions":{},"metric_query":[],"tags_all":{}}},{"address":"aws_cloudwatch_metric_alarm.lambda_errors","mode":"managed","type":"aws_cloudwatch_metric_alarm","name":"lambda_errors","provider_name":"registry.terraform.io/hashicorp/aws","schema_version":1,"values":{"actions_enabled":true,"alarm_actions":null,"alarm_description":"Lambda is erroring.","alarm_name":"localstack-s3-sqs-lambda-lambda-errors","comparison_operator":"GreaterThanThreshold","datapoints_to_alarm":null,"dimensions":{"FunctionName":"localstack-s3-sqs-lambda"},"evaluation_periods":1,"extended_statistic":null,"insufficient_data_actions":null,"metric_name":"Errors","metric_query":[],"namespace":"AWS/Lambda","ok_actions":null,"period":60,"statistic":"Sum","tags":null,"tags_all":{"Managed":"terraform","Project":"localstack-s3-sqs-lambda"},"threshold":1,"threshold_metric_id":null,"treat_missing_data":"missing","unit":null},"sensitive_values":{"dimensions":{},"metric_query":[],"tags_all":{}}},{"address":"aws_cloudwatch_metric_alarm.sqs_backlog","mode":"managed","type":"aws_cloudwatch_metric_alarm","name":"sqs_backlog","provider_name":"registry.terraform.io/hashicorp/aws","schema_version":1,"values":{"actions_enabled":true,"alarm_actions":null,"alarm_description":"SQS backlog is growing.","alarm_name":"localstack-s3-sqs-lambda-sqs-backlog","comparison_operator":"GreaterThanThreshold","datapoints_to_alarm":null,"dimensions":{"QueueName":"localstack-s3-sqs-lambda-queue"},"evaluation_periods":1,"extended_statistic":null,"insufficient_data_actions":null,"metric_name":"ApproximateNumberOfMessagesVisible","metric_query":[],"namespace":"AWS/SQS","ok_actions":null,"period":60,"statistic":"Sum","tags":null,"tags_all":{"Managed":"terraform","Project":"localstack-s3-sqs-lambda"},"threshold":100,"threshold_metric_id":null,"treat_missing_data":"missing","unit":null},"sensitive_values":{"dimensions":{},"metric_query":[],"tags_all":{}}},{"address":"aws_iam_role.lambda","mode":"managed","type":"aws_iam_role","name":"lambda","provider_name":"registry.terraform.io/hashicorp/aws","schema_version":0,"values":{"assume_role_policy":"{\"Statement\":[{\"Action\":\"sts:AssumeRole\",\"Effect\":\"Allow\",\"Principal\":{\"Service\":\"lambda.amazonaws.com\"}}],\"Version\":\"2012-10-17\"}","description":null,"force_detach_policies":false,"max_session_duration":3600,"name":"localstack-s3-sqs-lambda-lambda-role","path":"/","permissions_boundary":null,"tags":null,"tags_all":{"Managed":"terraform","Project":"localstack-s3-sqs-lambda"}},"sensitive_values":{"inline_policy":[],"managed_policy_arns":[],"tags_all":{}}},{"address":"aws_iam_role_policy.lambda_inline","mode":"managed","type":"aws_iam_role_policy","name":"lambda_inline","provider_name":"registry.terraform.io/hashicorp/aws","schema_version":0,"values":{"name":"localstack-s3-sqs-lambda-lambda-inline"},"sensitive_values":{}},{"address":"aws_lambda_event_source_mapping.sqs","mode":"managed","type":"aws_lambda_event_source_mapping","name":"sqs","provider_name":"registry.terraform.io/hashicorp/aws","schema_version":0,"values":{"batch_size":10,"bisect_batch_on_function_error":null,"destination_config":[],"document_db_event_source_config":[],"enabled":true,"filter_criteria":[],"function_response_types":["ReportBatchItemFailures"],"kms_key_arn":null,"maximum_batching_window_in_seconds":0,"metrics_config":[],"provisioned_poller_config":[],"queues":null,"scaling_config":[],"self_managed_event_source":[],"source_access_configuration":[],"starting_position":null,"starting_position_timestamp":null,"tags":null,"tags_all":{"Managed":"terraform","Project":"localstack-s3-sqs-lambda"},"topics":null,"tumbling_window_in_seconds":null},"sensitive_values":{"amazon_managed_kafka_event_source_config":[],"destination_config":[],"document_db_event_source_config":[],"filter_criteria":[],"function_response_types":[false],"metrics_config":[],"provisioned_poller_config":[],"scaling_config":[],"self_managed_event_source":[],"self_managed_kafka_event_source_config":[],"source_access_configuration":[],"tags_all":{}}},{"address":"aws_lambda_function.this","mode":"managed","type":"aws_lambda_function","name":"this","provider_name":"registry.terraform.io/hashicorp/aws","schema_version":0,"values":{"code_signing_config_arn":null,"dead_letter_config":[],"description":null,"environment":[{}],"file_system_config":[],"filename":"../lambda/build/handler.zip","function_name":"localstack-s3-sqs-lambda","handler":"bootstrap","image_config":[],"image_uri":null,"kms_key_arn":null,"layers":null,"memory_size":128,"package_type":"Zip","publish":false,"replace_security_groups_on_destroy":null,"replacement_security_group_ids":null,"reserved_concurrent_executions":-1,"runtime":"provided.al2023","s3_bucket":null,"s3_key":null,"s3_object_version":null,"skip_destroy":false,"snap_start":[],"source_code_hash":"HEJQz1lGRgkBh0ymrCTS2Ii4oN9b2VSPnSKiVuVAjkw=","tags":null,"tags_all":{"Managed":"terraform","Project":"localstack-s3-sqs-lambda"},"timeout":30,"timeouts":null,"vpc_config":[]},"sensitive_values":{"architectures":[],"dead_letter_config":[],"environment":[{"variables":{}}],"ephemeral_storage":[],"file_system_config":[],"image_config":[],"logging_config":[],"snap_start":[],"tags_all":{},"tracing_config":[],"vpc_config":[]}},{"address":"aws_s3_bucket.bucket","mode":"managed","type":"aws_s3_bucket","name":"bucket","provider_name":"registry.terraform.io/hashicorp/aws","schema_version":0,"values":{"bucket":"localstack-s3-sqs-lambda-000000000000-ap-southeast-1","force_destroy":true,"tags":null,"tags_all":{"Managed":"terraform","Project":"localstack-s3-sqs-lambda"},"timeouts":null},"sensitive_values":{"cors_rule":[],"grant":[],"lifecycle_rule":[],"logging":[],"object_lock_configuration":[],"replication_configuration":[],"server_side_encryption_configuration":[],"tags_all":{},"versioning":[],"website":[]}},{"address":"aws_s3_bucket_notification.bucket","mode":"managed","type":"aws_s3_bucket_notification","name":"bucket","provider_name":"registry.terraform.io/hashicorp/aws","schema_version":0,"values":{"eventbridge":false,"lambda_function":[],"queue":[{"events":["s3:ObjectCreated:*"],"filter_prefix":null,"filter_suffix":".csv"}],"topic":[]},"sensitive_values":{"lambda_function":[],"queue":[{"events":[false]}],"topic":[]}},{"address":"aws_s3_bucket_ownership_controls.bucket","mode":"managed","type":"aws_s3_bucket_ownership_controls","name":"bucket","provider_name":"registry.terraform.io/hashicorp/aws","schema_version":0,"values":{"rule":[{"object_ownership":"BucketOwnerEnforced"}]},"sensitive_values":{"rule":[{}]}},{"address":"aws_s3_bucket_policy.bucket","mode":"managed","type":"aws_s3_bucket_policy","name":"bucket","provider_name":"registry.terraform.io/hashicorp/aws","schema_version":0,"sensitive_values":{}},{"address":"aws_s3_bucket_public_access_block.bucket","mode":"managed","type":"aws_s3_bucket_public_access_block","name":"bucket","provider_name":"registry.terraform.io/hashicorp/aws","schema_version":0,"values":{"block_public_acls":true,"block_public_policy":true,"ignore_public_acls":true,"restrict_public_buckets":true},"sensitive_values":{}},{"address":"aws_s3_bucket_server_side_encryption_configuration.bucket","mode":"managed","type":"aws_s3_bucket_server_side_encryption_configuration","name":"bucket","provider_name":"registry.terraform.io/hashicorp/aws","schema_version":0,"values":{"expected_bucket_owner":null,"rule":[{"apply_server_side_encryption_by_default":[{"kms_master_key_id":"","sse_algorithm":"AES256"}],"bucket_key_enabled":null}]},"sensitive_values":{"rule":[{"apply_server_side_encryption_by_default":[{}]}]}},{"address":"aws_sqs_queue.dlq","mode":"managed","type":"aws_sqs_queue","name":"dlq","provider_name":"registry.terraform.io/hashicorp/aws","schema_version":0,"values":{"content_based_deduplication":false,"delay_seconds":0,"fifo_queue":false,"kms_data_key_reuse_period_seconds":0,"kms_master_key_id":null,"max_message_size":262144,"message_retention_seconds":345600,"name":"localstack-s3-sqs-lambda-dlq","receive_wait_time_seconds":0,"sqs_managed_sse_enabled":true,"tags":null,"tags_all":{"Managed":"terraform","Project":"localstack-s3-sqs-lambda"},"timeouts":null,"visibility_timeout_seconds":30},"sensitive_values":{"tags_all":{}}},{"address":"aws_sqs_queue.main","mode":"managed","type":"aws_sqs_queue","name":"main","provider_name":"registry.terraform.io/hashicorp/aws","schema_version":0,"values":{"content_based_deduplication":false,"delay_seconds":0,"fifo_queue":false,"kms_data_key_reuse_period_seconds":0,"kms_master_key_id":null,"max_message_size":262144,"message_retention_seconds":345600,"name":"localstack-s3-sqs-lambda-queue","receive_wait_time_seconds":0,"sqs_managed_sse_enabled":true,"tags":null,"tags_all":{"Managed":"terraform","Project":"localstack-s3-sqs-lambda"},"timeouts":null,"visibility_timeout_seconds":60},"sensitive_values":{"tags_all":{}}},{"address":"aws_sqs_queue_policy.main","mode":"managed","type":"aws_sqs_queue_policy","name":"main","provider_name":"registry.terraform.io/hashicorp/aws","schema_version":1,"sensitive_values":{}},{"address":"data.aws_iam_policy_document.lambda_inline","mode":"data","type":"aws_iam_policy_document","name":"lambda_inline","provider_name":"registry.terraform.io/hashicorp/aws","schema_version":0,"values":{"override_json":null,"override_policy_documents":null,"policy_id":null,"source_json":null,"source_policy_documents":null,"statement":[{"actions":["logs:CreateLogGroup","logs:CreateLogStream","logs:PutLogEvents"],"condition":[],"effect":"Allow","not_actions":null,"not_principals":[],"not_resources":null,"principals":[],"resources":["arn:aws:logs:ap-southeast-1:000000000000:log-group:/aws/lambda/localstack-s3-sqs-lambda:*"],"sid":"CloudWatchLogs"},{"actions":["sqs:ChangeMessageVisibility","sqs:DeleteMessage","sqs:GetQueueAttributes","sqs:ReceiveMessage"],"condition":[],"effect":"Allow","not_actions":null,"not_principals":[],"not_resources":null,"principals":[],"resources":[null],"sid":"ConsumeFromSQS"}],"version":null},"sensitive_values":{"statement":[{"actions":[false,false,false],"condition":[],"not_principals":[],"principals":[],"resources":[false]},{"actions":[false,false,false,false],"condition":[],"not_principals":[],"principals":[],"resources":[false]}]}},{"address":"data.aws_iam_policy_document.s3_bucket_policy","mode":"data","type":"aws_iam_policy_document","name":"s3_bucket_policy","provider_name":"registry.terraform.io/hashicorp/aws","schema_version":0,"values":{"override_json":null,"override_policy_documents":null,"policy_id":null,"source_json":null,"source_policy_documents":null,"statement":[{"actions":["s3:*"],"condition":[{"test":"Bool","values":["false"],"variable":"aws:SecureTransport"}],"effect":"Deny","not_actions":null,"not_principals":[],"not_resources":null,"principals":[{"identifiers":["*"],"type":"*"}],"resources":[null,null],"sid":"DenyInsecureTransport"}],"version":null},"sensitive_values":{"statement":[{"actions":[false],"condition":[{"values":[false]}],"not_principals":[],"principals":[{"identifiers":[false]}],"resources":[false,false]}]}},{"address":"data.aws_iam_policy_document.sqs_allow_s3","mode":"data","type":"aws_iam_policy_document","name":"sqs_allow_s3","provider_name":"registry.terraform.io/hashicorp/aws","schema_version":0,"values":{"override_json":null,"override_policy_documents":null,"policy_id":null,"source_json":null,"source_policy_documents":null,"statement":[{"actions":["sqs:SendMessage"],"condition":[{"test":"ArnEquals","values":[null],"variable":"aws:SourceArn"},{"test":"StringEquals","values":["000000000000"],"variable":"aws:SourceAccount"}],"effect":"Allow","not_actions":null,"not_principals":[],"not_resources":null,"principals":[{"identifiers":["s3.amazonaws.com"],"type":"Service"}],"resources":[null],"sid":"AllowS3SendMessage"}],"version":null},"sensitive_values":{"statement":[{"actions":[false],"condition":[{"values":[false]},{"values":[false]}],"not_principals":[],"principals":[{"identifiers":[false]}],"resources":[false]}]}}]}},"resource_changes":[{"address":"data.aws_iam_policy_document.lambda_inline","mode":"data","type":"aws_iam_policy_document","name":"lambda_inline","provider_name":"registry.terraform.io/hashicorp/aws","change":{"actions":["read"],"before":null,"after":{"override_json":null,"override_policy_documents":null,"policy_id":null,"source_json":null,"source_policy_documents":null,"statement":[{"actions":["logs:CreateLogGroup","logs:CreateLogStream","logs:PutLogEvents"],"condition":[],"effect":"Allow","not_actions":null,"not_principals":[],"not_resources":null,"principals":[],"resources":["arn:aws:logs:ap-southeast-1:000000000000:log-group:/aws/lambda/localstack-s3-sqs-lambda:*"],"sid":"CloudWatchLogs"},{"actions":["sqs:ChangeMessageVisibility","sqs:DeleteMessage","sqs:GetQueueAttributes","sqs:ReceiveMessage"],"condition":[],"effect":"Allow","not_actions":null,"not_principals":[],"not_resources":null,"principals":[],"resources":[null],"sid":"ConsumeFromSQS"}],"version":null},"after_unknown":{"id":true,"json":true,"minified_json":true,"statement":[{"actions":[false,false,false],"condition":[],"not_principals":[],"principals":[],"resources":[false]},{"actions":[false,false,false,false],"condition":[],"not_principals":[],"principals":[],"resources":[true]}]},"before_sensitive":false,"after_sensitive":{"statement":[{"actions":[false,false,false],"condition":[],"not_principals":[],"principals":[],"resources":[false]},{"actions":[false,false,false,false],"condition":[],"not_principals":[],"principals":[],"resources":[false]}]}},"action_reason":"read_because_config_unknown"},{"address":"data.aws_iam_policy_document.s3_bucket_policy","mode":"data","type":"aws_iam_policy_document","name":"s3_bucket_policy","provider_name":"registry.terraform.io/hashicorp/aws","change":{"actions":["read"],"before":null,"after":{"override_json":null,"override_policy_documents":null,"policy_id":null,"source_json":null,"source_policy_documents":null,"statement":[{"actions":["s3:*"],"condition":[{"test":"Bool","values":["false"],"variable":"aws:SecureTransport"}],"effect":"Deny","not_actions":null,"not_principals":[],"not_resources":null,"principals":[{"identifiers":["*"],"type":"*"}],"resources":[null,null],"sid":"DenyInsecureTransport"}],"version":null},"after_unknown":{"id":true,"json":true,"minified_json":true,"statement":[{"actions":[false],"condition":[{"values":[false]}],"not_principals":[],"principals":[{"identifiers":[false]}],"resources":[true,true]}]},"before_sensitive":false,"after_sensitive":{"statement":[{"actions":[false],"condition":[{"values":[false]}],"not_principals":[],"principals":[{"identifiers":[false]}],"resources":[false,false]}]}},"action_reason":"read_because_config_unknown"},{"address":"data.aws_iam_policy_document.sqs_allow_s3","mode":"data","type":"aws_iam_policy_document","name":"sqs_allow_s3","provider_name":"registry.terraform.io/hashicorp/aws","change":{"actions":["read"],"before":null,"after":{"override_json":null,"override_policy_documents":null,"policy_id":null,"source_json":null,"source_policy_documents":null,"statement":[{"actions":["sqs:SendMessage"],"condition":[{"test":"ArnEquals","values":[null],"variable":"aws:SourceArn"},{"test":"StringEquals","values":["000000000000"],"variable":"aws:SourceAccount"}],"effect":"Allow","not_actions":null,"not_principals":[],"not_resources":null,"principals":[{"identifiers":["s3.amazonaws.com"],"type":"Service"}],"resources":[null],"sid":"AllowS3SendMessage"}],"version":null},"after_unknown":{"id":true,"json":true,"minified_json":true,"statement":[{"actions":[false],"condition":[{"values":[true]},{"values":[false]}],"not_principals":[],"principals":[{"identifiers":[false]}],"resources":[true]}]},"before_sensitive":false,"after_sensitive":{"statement":[{"actions":[false],"condition":[{"values":[false]},{"values":[false]}],"not_principals":[],"principals":[{"identifiers":[false]}],"resources":[false]}]}},"action_reason":"read_because_config_unknown"},{"address":"aws_cloudwatch_log_group.lambda","mode":"managed","type":"aws_cloudwatch_log_group","name":"lambda","provider_name":"registry.terraform.io/hashicorp/aws","change":{"actions":["create"],"before":null,"after":{"kms_key_id":null,"name":"/aws/lambda/localstack-s3-sqs-lambda","retention_in_days":14,"skip_destroy":false,"tags":null,"tags_all":{"Managed":"terraform","Project":"localstack-s3-sqs-lambda"}},"after_unknown":{"arn":true,"id":true,"log_group_class":true,"name_prefix":true,"tags_all":{}},"before_sensitive":false,"after_sensitive":{"tags_all":{}}}},{"address":"aws_cloudwatch_metric_alarm.dlq_depth","mode":"managed","type":"aws_cloudwatch_metric_alarm","name":"dlq_depth","provider_name":"registry.terraform.io/hashicorp/aws","change":{"actions":["create"],"before":null,"after":{"actions_enabled":true,"alarm_actions":null,"alarm_description":"Messages are landing in the DLQ.","alarm_name":"localstack-s3-sqs-lambda-dlq-depth","comparison_operator":"GreaterThanThreshold","datapoints_to_alarm":null,"dimensions":{"QueueName":"localstack-s3-sqs-lambda-dlq"},"evaluation_periods":1,"extended_statistic":null,"insufficient_data_actions":null,"metric_name":"ApproximateNumberOfMessagesVisible","metric_query":[],"namespace":"AWS/SQS","ok_actions":null,"period":60,"statistic":"Sum","tags":null,"tags_all":{"Managed":"terraform","Project":"localstack-s3-sqs-lambda"},"threshold":1,"threshold_metric_id":null,"treat_missing_data":"missing","unit":null},"after_unknown":{"arn":true,"dimensions":{},"evaluate_low_sample_count_percentiles":true,"id":true,"metric_query":[],"tags_all":{}},"before_sensitive":false,"after_sensitive":{"dimensions":{},"metric_query":[],"tags_all":{}}}},{"address":"aws_cloudwatch_metric_alarm.lambda_errors","mode":"managed","type":"aws_cloudwatch_metric_alarm","name":"lambda_errors","provider_name":"registry.terraform.io/hashicorp/aws","change":{"actions":["create"],"before":null,"after":{"actions_enabled":true,"alarm_actions":null,"alarm_description":"Lambda is erroring.","alarm_name":"localstack-s3-sqs-lambda-lambda-errors","comparison_operator":"GreaterThanThreshold","datapoints_to_alarm":null,"dimensions":{"FunctionName":"localstack-s3-sqs-lambda"},"evaluation_periods":1,"extended_statistic":null,"insufficient_data_actions":null,"metric_name":"Errors","metric_query":[],"namespace":"AWS/Lambda","ok_actions":null,"period":60,"statistic":"Sum","tags":null,"tags_all":{"Managed":"terraform","Project":"localstack-s3-sqs-lambda"},"threshold":1,"threshold_metric_id":null,"treat_missing_data":"missing","unit":null},"after_unknown":{"arn":true,"dimensions":{},"evaluate_low_sample_count_percentiles":true,"id":true,"metric_query":[],"tags_all":{}},"before_sensitive":false,"after_sensitive":{"dimensions":{},"metric_query":[],"tags_all":{}}}},{"address":"aws_cloudwatch_metric_alarm.sqs_backlog","mode":"managed","type":"aws_cloudwatch_metric_alarm","name":"sqs_backlog","provider_name":"registry.terraform.io/hashicorp/aws","change":{"actions":["create"],"before":null,"after":{"actions_enabled":true,"alarm_actions":null,"alarm_description":"SQS backlog is growing.","alarm_name":"localstack-s3-sqs-lambda-sqs-backlog","comparison_operator":"GreaterThanThreshold","datapoints_to_alarm":null,"dimensions":{"QueueName":"localstack-s3-sqs-lambda-queue"},"evaluation_periods":1,"extended_statistic":null,"insufficient_data_actions":null,"metric_name":"ApproximateNumberOfMessagesVisible","metric_query":[],"namespace":"AWS/SQS","ok_actions":null,"period":60,"statistic":"Sum","tags":null,"tags_all":{"Managed":"terraform","Project":"localstack-s3-sqs-lambda"},"threshold":100,"threshold_metric_id":null,"treat_missing_data":"missing","unit":null},"after_unknown":{"arn":true,"dimensions":{},"evaluate_low_sample_count_percentiles":true,"id":true,"metric_query":[],"tags_all":{}},"before_sensitive":false,"after_sensitive":{"dimensions":{},"metric_query":[],"tags_all":{}}}},{"address":"aws_iam_role.lambda","mode":"managed","type":"aws_iam_role","name":"lambda","provider_name":"registry.terraform.io/hashicorp/aws","change":{"actions":["create"],"before":null,"after":{"assume_role_policy":"{\"Statement\":[{\"Action\":\"sts:AssumeRole\",\"Effect\":\"Allow\",\"Principal\":{\"Service\":\"lambda.amazonaws.com\"}}],\"Version\":\"2012-10-17\"}","description":null,"force_detach_policies":false,"max_session_duration":3600,"name":"localstack-s3-sqs-lambda-lambda-role","path":"/","permissions_boundary":null,"tags":null,"tags_all":{"Managed":"terraform","Project":"localstack-s3-sqs-lambda"}},"after_unknown":{"arn":true,"create_date":true,"id":true,"inline_policy":true,"managed_policy_arns":true,"name_prefix":true,"tags_all":{},"unique_id":true},"before_sensitive":false,"after_sensitive":{"inline_policy":[],"managed_policy_arns":[],"tags_all":{}}}},{"address":"aws_iam_role_policy.lambda_inline","mode":"managed","type":"aws_iam_role_policy","name":"lambda_inline","provider_name":"registry.terraform.io/hashicorp/aws","change":{"actions":["create"],"before":null,"after":{"name":"localstack-s3-sqs-lambda-lambda-inline"},"after_unknown":{"id":true,"name_prefix":true,"policy":true,"role":true},"before_sensitive":false,"after_sensitive":{}}},{"address":"aws_lambda_event_source_mapping.sqs","mode":"managed","type":"aws_lambda_event_source_mapping","name":"sqs","provider_name":"registry.terraform.io/hashicorp/aws","change":{"actions":["create"],"before":null,"after":{"batch_size":10,"bisect_batch_on_function_error":null,"destination_config":[],"document_db_event_source_config":[],"enabled":true,"filter_criteria":[],"function_response_types":["ReportBatchItemFailures"],"kms_key_arn":null,"maximum_batching_window_in_seconds":0,"metrics_config":[],"provisioned_poller_config":[],"queues":null,"scaling_config":[],"self_managed_event_source":[],"source_access_configuration":[],"starting_position":null,"starting_position_timestamp":null,"tags":null,"tags_all":{"Managed":"terraform","Project":"localstack-s3-sqs-lambda"},"topics":null,"tumbling_window_in_seconds":null},"after_unknown":{"amazon_managed_kafka_event_source_config":true,"arn":true,"destination_config":[],"document_db_event_source_config":[],"event_source_arn":true,"filter_criteria":[],"function_arn":true,"function_name":true,"function_response_types":[false],"id":true,"last_modified":true,"last_processing_result":true,"maximum_record_age_in_seconds":true,"maximum_retry_attempts":true,"metrics_config":[],"parallelization_factor":true,"provisioned_poller_config":[],"scaling_config":[],"self_managed_event_source":[],"self_managed_kafka_event_source_config":true,"source_access_configuration":[],"state":true,"state_transition_reason":true,"tags_all":{},"uuid":true},"before_sensitive":false,"after_sensitive":{"amazon_managed_kafka_event_source_config":[],"destination_config":[],"document_db_event_source_config":[],"filter_criteria":[],"function_response_types":[false],"metrics_config":[],"provisioned_poller_config":[],"scaling_config":[],"self_managed_event_source":[],"self_managed_kafka_event_source_config":[],"source_access_configuration":[],"tags_all":{}}}},{"address":"aws_lambda_function.this","mode":"managed","type":"aws_lambda_function","name":"this","provider_name":"registry.terraform.io/hashicorp/aws","change":{"actions":["create"],"before":null,"after":{"code_signing_config_arn":null,"dead_letter_config":[],"description":null,"environment":[{}],"file_system_config":[],"filename":"../lambda/build/handler.zip","function_name":"localstack-s3-sqs-lambda","handler":"bootstrap","image_config":[],"image_uri":null,"kms_key_arn":null,"layers":null,"memory_size":128,"package_type":"Zip","publish":false,"replace_security_groups_on_destroy":null,"replacement_security_group_ids":null,"reserved_concurrent_executions":-1,"runtime":"provided.al2023","s3_bucket":null,"s3_key":null,"s3_object_version":null,"skip_destroy":false,"snap_start":[],"source_code_hash":"HEJQz1lGRgkBh0ymrCTS2Ii4oN9b2VSPnSKiVuVAjkw=","tags":null,"tags_all":{"Managed":"terraform","Project":"localstack-s3-sqs-lambda"},"timeout":30,"timeouts":null,"vpc_config":[]},"after_unknown":{"architectures":true,"arn":true,"code_sha256":true,"dead_letter_config":[],"environment":[{"variables":true}],"ephemeral_storage":true,"file_system_config":[],"id":true,"image_config":[],"invoke_arn":true,"last_modified":true,"logging_config":true,"qualified_arn":true,"qualified_invoke_arn":true,"role":true,"signing_job_arn":true,"signing_profile_version_arn":true,"snap_start":[],"source_code_size":true,"tags_all":{},"tracing_config":true,"version":true,"vpc_config":[]},"before_sensitive":false,"after_sensitive":{"architectures":[],"dead_letter_config":[],"environment":[{"variables":{}}],"ephemeral_storage":[],"file_system_config":[],"image_config":[],"logging_config":[],"snap_start":[],"tags_all":{},"tracing_config":[],"vpc_config":[]}}},{"address":"aws_s3_bucket.bucket","mode":"managed","type":"aws_s3_bucket","name":"bucket","provider_name":"registry.terraform.io/hashicorp/aws","change":{"actions":["create"],"before":null,"after":{"bucket":"localstack-s3-sqs-lambda-000000000000-ap-southeast-1","force_destroy":true,"tags":null,"tags_all":{"Managed":"terraform","Project":"localstack-s3-sqs-lambda"},"timeouts":null},"after_unknown":{"acceleration_status":true,"acl":true,"arn":true,"bucket_domain_name":true,"bucket_prefix":true,"bucket_regional_domain_name":true,"cors_rule":true,"grant":true,"hosted_zone_id":true,"id":true,"lifecycle_rule":true,"logging":true,"object_lock_configuration":true,"object_lock_enabled":true,"policy":true,"region":true,"replication_configuration":true,"request_payer":true,"server_side_encryption_configuration":true,"tags_all":{},"versioning":true,"website":true,"website_domain":true,"website_endpoint":true},"before_sensitive":false,"after_sensitive":{"cors_rule":[],"grant":[],"lifecycle_rule":[],"logging":[],"object_lock_configuration":[],"replication_configuration":[],"server_side_encryption_configuration":[],"tags_all":{},"versioning":[],"website":[]}}},{"address":"aws_s3_bucket_notification.bucket","mode":"managed","type":"aws_s3_bucket_notification","name":"bucket","provider_name":"registry.terraform.io/hashicorp/aws","change":{"actions":["create"],"before":null,"after":{"eventbridge":false,"lambda_function":[],"queue":[{"events":["s3:ObjectCreated:*"],"filter_prefix":null,"filter_suffix":".csv"}],"topic":[]},"after_unknown":{"bucket":true,"id":true,"lambda_function":[],"queue":[{"events":[false],"id":true,"queue_arn":true}],"topic":[]},"before_sensitive":false,"after_sensitive":{"lambda_function":[],"queue":[{"events":[false]}],"topic":[]}}},{"address":"aws_s3_bucket_ownership_controls.bucket","mode":"managed","type":"aws_s3_bucket_ownership_controls","name":"bucket","provider_name":"registry.terraform.io/hashicorp/aws","change":{"actions":["create"],"before":null,"after":{"rule":[{"object_ownership":"BucketOwnerEnforced"}]},"after_unknown":{"bucket":true,"id":true,"rule":[{}]},"before_sensitive":false,"after_sensitive":{"rule":[{}]}}},{"address":"aws_s3_bucket_policy.bucket","mode":"managed","type":"aws_s3_bucket_policy","name":"bucket","provider_name":"registry.terraform.io/hashicorp/aws","change":{"actions":["create"],"before":null,"after":{},"after_unknown":{"bucket":true,"id":true,"policy":true},"before_sensitive":false,"after_sensitive":{}}},{"address":"aws_s3_bucket_public_access_block.bucket","mode":"managed","type":"aws_s3_bucket_public_access_block","name":"bucket","provider_name":"registry.terraform.io/hashicorp/aws","change":{"actions":["create"],"before":null,"after":{"block_public_acls":true,"block_public_policy":true,"ignore_public_acls":true,"restrict_public_buckets":true},"after_unknown":{"bucket":true,"id":true},"before_sensitive":false,"after_sensitive":{}}},{"address":"aws_s3_bucket_server_side_encryption_configuration.bucket","mode":"managed","type":"aws_s3_bucket_server_side_encryption_configuration","name":"bucket","provider_name":"registry.terraform.io/hashicorp/aws","change":{"actions":["create"],"before":null,"after":{"expected_bucket_owner":null,"rule":[{"apply_server_side_encryption_by_default":[{"kms_master_key_id":"","sse_algorithm":"AES256"}],"bucket_key_enabled":null}]},"after_unknown":{"bucket":true,"id":true,"rule":[{"apply_server_side_encryption_by_default":[{}]}]},"before_sensitive":false,"after_sensitive":{"rule":[{"apply_server_side_encryption_by_default":[{}]}]}}},{"address":"aws_sqs_queue.dlq","mode":"managed","type":"aws_sqs_queue","name":"dlq","provider_name":"registry.terraform.io/hashicorp/aws","change":{"actions":["create"],"before":null,"after":{"content_based_deduplication":false,"delay_seconds":0,"fifo_queue":false,"kms_data_key_reuse_period_seconds":0,"kms_master_key_id":null,"max_message_size":262144,"message_retention_seconds":345600,"name":"localstack-s3-sqs-lambda-dlq","receive_wait_time_seconds":0,"sqs_managed_sse_enabled":true,"tags":null,"tags_all":{"Managed":"terraform","Project":"localstack-s3-sqs-lambda"},"timeouts":null,"visibility_timeout_seconds":30},"after_unknown":{"arn":true,"deduplication_scope":true,"fifo_throughput_limit":true,"id":true,"name_prefix":true,"policy":true,"redrive_allow_policy":true,"redrive_policy":true,"tags_all":{},"url":true},"before_sensitive":false,"after_sensitive":{"tags_all":{}}}},{"address":"aws_sqs_queue.main","mode":"managed","type":"aws_sqs_queue","name":"main","provider_name":"registry.terraform.io/hashicorp/aws","change":{"actions":["create"],"before":null,"after":{"content_based_deduplication":false,"delay_seconds":0,"fifo_queue":false,"kms_data_key_reuse_period_seconds":0,"kms_master_key_id":null,"max_message_size":262144,"message_retention_seconds":345600,"name":"localstack-s3-sqs-lambda-queue","receive_wait_time_seconds":0,"sqs_managed_sse_enabled":true,"tags":null,"tags_all":{"Managed":"terraform","Project":"localstack-s3-sqs-lambda"},"timeouts":null,"visibility_timeout_seconds":60},"after_unknown":{"arn":true,"deduplication_scope":true,"fifo_throughput_limit":true,"id":true,"name_prefix":true,"policy":true,"redrive_allow_policy":true,"redrive_policy":true,"tags_all":{},"url":true},"before_sensitive":false,"after_sensitive":{"tags_all":{}}}},{"address":"aws_sqs_queue_policy.main","mode":"managed","type":"aws_sqs_queue_policy","name":"main","provider_name":"registry.terraform.io/hashicorp/aws","change":{"actions":["create"],"before":null,"after":{},"after_unknown":{"id":true,"policy":true,"queue_url":true},"before_sensitive":false,"after_sensitive":{}}}],"output_changes":{"lambda_function_name":{"actions":["create"],"before":null,"after":"localstack-s3-sqs-lambda","after_unknown":false,"before_sensitive":false,"after_sensitive":false},"s3_bucket_name":{"actions":["create"],"before":null,"after":"localstack-s3-sqs-lambda-000000000000-ap-southeast-1","after_unknown":false,"before_sensitive":false,"after_sensitive":false},"sqs_dlq_url":{"actions":["create"],"before":null,"after_unknown":true,"before_sensitive":false,"after_sensitive":false},"sqs_queue_arn":{"actions":["create"],"before":null,"after_unknown":true,"before_sensitive":false,"after_sensitive":false},"sqs_queue_url":{"actions":["create"],"before":null,"after_unknown":true,"before_sensitive":false,"after_sensitive":false}},"prior_state":{"format_version":"1.0","terraform_version":"1.13.5","values":{"outputs":{"lambda_function_name":{"sensitive":false,"value":"localstack-s3-sqs-lambda","type":"string"},"s3_bucket_name":{"sensitive":false,"value":"localstack-s3-sqs-lambda-000000000000-ap-southeast-1","type":"string"}},"root_module":{"resources":[{"address":"data.archive_file.lambda_dummy","mode":"data","type":"archive_file","name":"lambda_dummy","provider_name":"registry.terraform.io/hashicorp/archive","schema_version":0,"values":{"exclude_symlink_directories":null,"excludes":null,"id":"58e93fade67637870be5af38eff8d5aa66c7da49","output_base64sha256":"wmbalFzzY/wG3ivChKElOZB3+B4gptmQyIat05p+fU4=","output_base64sha512":"BQYAg1LwEY4tDmry1VoRx6StX0vjH+7LpfB5KAZLVvfJQjioPbBv1QxI6QF6P2U614fU3h9XKBCb9z5Y1ornqA==","output_file_mode":null,"output_md5":"a0dbd832a6a977d6d5b28ea5c85e30fb","output_path":"./.dummy/lambda.zip","output_sha":"58e93fade67637870be5af38eff8d5aa66c7da49","output_sha256":"c266da945cf363fc06de2bc284a125399077f81e20a6d990c886add39a7e7d4e","output_sha512":"0506008352f0118e2d0e6af2d55a11c7a4ad5f4be31feecba5f07928064b56f7c94238a83db06fd50c48e9017a3f653ad787d4de1f5728109bf73e58d68ae7a8","output_size":246,"source":[{"content":"exports.handler = async (event) =\u003e {\n  console.log(\"Dummy lambda invoked\");\n  return { statusCode: 200, body: \"dummy\" };\n};\n","filename":"index.js"}],"source_content":null,"source_content_filename":null,"source_dir":null,"source_file":null,"type":"zip"},"sensitive_values":{"source":[{}]}},{"address":"data.aws_caller_identity.current","mode":"data","type":"aws_caller_identity","name":"current","provider_name":"registry.terraform.io/hashicorp/aws","schema_version":0,"values":{"account_id":"000000000000","arn":"arn:aws:iam::000000000000:root","id":"000000000000","user_id":"AKIAIOSFODNN7EXAMPLE"},"sensitive_values":{}},{"address":"data.aws_iam_policy_document.lambda_assume_role","mode":"data","type":"aws_iam_policy_document","name":"lambda_assume_role","provider_name":"registry.terraform.io/hashicorp/aws","schema_version":0,"values":{"id":"2690255455","json":"{\n  \"Version\": \"2012-10-17\",\n  \"Statement\": [\n    {\n      \"Effect\": \"Allow\",\n      \"Action\": \"sts:AssumeRole\",\n      \"Principal\": {\n        \"Service\": \"lambda.amazonaws.com\"\n      }\n    }\n  ]\n}","minified_json":"{\"Version\":\"2012-10-17\",\"Statement\":[{\"Effect\":\"Allow\",\"Action\":\"sts:AssumeRole\",\"Principal\":{\"Service\":\"lambda.amazonaws.com\"}}]}","override_json":null,"override_policy_documents":null,"policy_id":null,"source_json":null,"source_policy_documents":null,"statement":[{"actions":["sts:AssumeRole"],"condition":[],"effect":"Allow","not_actions":[],"not_principals":[],"not_resources":[],"principals":[{"identifiers":["lambda.amazonaws.com"],"type":"Service"}],"resources":[],"sid":""}],"version":"2012-10-17"},"sensitive_values":{"statement":[{"actions":[false],"condition":[],"not_actions":[],"not_principals":[],"not_resources":[],"principals":[{"identifiers":[false]}],"resources":[]}]}},{"address":"data.aws_partition.current","mode":"data","type":"aws_partition","name":"current","provider_name":"registry.terraform.io/hashicorp/aws","schema_version":0,"values":{"dns_suffix":"amazonaws.com","id":"aws","partition":"aws","reverse_dns_prefix":"com.amazonaws"},"sensitive_values":{}},{"address":"data.aws_region.current","mode":"data","type":"aws_region","name":"current","provider_name":"registry.terraform.io/hashicorp/aws","schema_version":0,"values":{"description":"Asia Pacific (Singapore)","endpoint":"ec2.ap-southeast-1.amazonaws.com","id":"ap-southeast-1","name":"ap-southeast-1"},"sensitive_values":{}}]}}},"configuration":{"provider_config":{"archive":{"name":"archive","full_name":"registry.terraform.io/hashicorp/archive"},"aws":{"name":"aws","full_name":"registry.terraform.io/hashicorp/aws","version_constraint":"~\u003e 5.0","expressions":{"default_tags":[{"tags":{"references":["var.tags"]}}],"region":{"references":["var.aws_region"]}}}},"root_module":{"outputs":{"lambda_function_name":{"expression":{"references":["aws_lambda_function.this.function_name","aws_lambda_function.this"]},"description":"Lambda function name."},"s3_bucket_name":{"expression":{"references":["aws_s3_bucket.bucket.bucket","aws_s3_bucket.bucket"]},"description":"Name of the S3 bucket for CSV uploads."},"sqs_dlq_url":{"expression":{"references":["aws_sqs_queue.dlq.id","aws_sqs_queue.dlq"]},"description":"URL of the dead-letter queue."},"sqs_queue_arn":{"expression":{"references":["aws_sqs_queue.main.arn","aws_sqs_queue.main"]},"description":"ARN of the main SQS queue."},"sqs_queue_url":{"expression":{"references":["aws_sqs_queue.main.id","aws_sqs_queue.main"]},"description":"URL of the main SQS queue."}},"resources":[{"address":"aws_cloudwatch_log_group.lambda","mode":"managed","type":"aws_cloudwatch_log_group","name":"lambda","provider_config_key":"aws","expressions":{"name":{"references":["var.name_prefix"]},"retention_in_days":{"references":["var.log_retention_days"]}},"schema_version":0},{"address":"aws_cloudwatch_metric_alarm.dlq_depth","mode":"managed","type":"aws_cloudwatch_metric_alarm","name":"dlq_depth","provider_config_key":"aws","expressions":{"alarm_description":{"constant_value":"Messages are landing in the DLQ."},"alarm_name":{"references":["var.name_prefix"]},"comparison_operator":{"constant_value":"GreaterThanThreshold"},"dimensions":{"references":["aws_sqs_queue.dlq.name","aws_sqs_queue.dlq"]},"evaluation_periods":{"constant_value":1},"metric_name":{"constant_value":"ApproximateNumberOfMessagesVisible"},"namespace":{"constant_value":"AWS/SQS"},"period":{"constant_value":60},"statistic":{"constant_value":"Sum"},"threshold":{"constant_value":1}},"schema_version":1},{"address":"aws_cloudwatch_metric_alarm.lambda_errors","mode":"managed","type":"aws_cloudwatch_metric_alarm","name":"lambda_errors","provider_config_key":"aws","expressions":{"alarm_description":{"constant_value":"Lambda is erroring."},"alarm_name":{"references":["var.name_prefix"]},"comparison_operator":{"constant_value":"GreaterThanThreshold"},"dimensions":{"references":["aws_lambda_function.this.function_name","aws_lambda_function.this"]},"evaluation_periods":{"constant_value":1},"metric_name":{"constant_value":"Errors"},"namespace":{"constant_value":"AWS/Lambda"},"period":{"constant_value":60},"statistic":{"constant_value":"Sum"},"threshold":{"constant_value":1}},"schema_version":1},{"address":"aws_cloudwatch_metric_alarm.sqs_backlog","mode":"managed","type":"aws_cloudwatch_metric_alarm","name":"sqs_backlog","provider_config_key":"aws","expressions":{"alarm_description":{"constant_value":"SQS backlog is growing."},"alarm_name":{"references":["var.name_prefix"]},"comparison_operator":{"constant_value":"GreaterThanThreshold"},"dimensions":{"references":["aws_sqs_queue.main.name","aws_sqs_queue.main"]},"evaluation_periods":{"constant_value":1},"metric_name":{"constant_value":"ApproximateNumberOfMessagesVisible"},"namespace":{"constant_value":"AWS/SQS"},"period":{"constant_value":60},"statistic":{"constant_value":"Sum"},"threshold":{"constant_value":100}},"schema_version":1},{"address":"aws_iam_role.lambda","mode":"managed","type":"aws_iam_role","name":"lambda","provider_config_key":"aws","expressions":{"assume_role_policy":{"references":["data.aws_iam_policy_document.lambda_assume_role.json","data.aws_iam_policy_document.lambda_assume_role"]},"name":{"references":["var.name_prefix"]}},"schema_version":0},{"address":"aws_iam_role_policy.lambda_inline","mode":"managed","type":"aws_iam_role_policy","name":"lambda_inline","provider_config_key":"aws","expressions":{"name":{"references":["var.name_prefix"]},"policy":{"references":["data.aws_iam_policy_document.lambda_inline.json","data.aws_iam_policy_document.lambda_inline"]},"role":{"references":["aws_iam_role.lambda.id","aws_iam_role.lambda"]}},"schema_version":0},{"address":"aws_lambda_event_source_mapping.sqs","mode":"managed","type":"aws_lambda_event_source_mapping","name":"sqs","provider_config_key":"aws","expressions":{"batch_size":{"references":["var.lambda_sqs_batch_size"]},"event_source_arn":{"references":["aws_sqs_queue.main.arn","aws_sqs_queue.main"]},"function_name":{"references":["aws_lambda_function.this.arn","aws_lambda_function.this"]},"function_response_types":{"constant_value":["ReportBatchItemFailures"]},"maximum_batching_window_in_seconds":{"references":["var.lambda_sqs_maximum_batching_window_seconds"]}},"schema_version":0},{"address":"aws_lambda_function.this","mode":"managed","type":"aws_lambda_function","name":"this","provider_config_key":"aws","expressions":{"environment":[{"variables":{"references":["aws_s3_bucket.bucket.bucket","aws_s3_bucket.bucket","aws_sqs_queue.main.id","aws_sqs_queue.main"]}}],"filename":{"references":["var.lambda_artifact_path"]},"function_name":{"references":["var.name_prefix"]},"handler":{"constant_value":"bootstrap"},"memory_size":{"references":["var.lambda_memory_size"]},"role":{"references":["aws_iam_role.lambda.arn","aws_iam_role.lambda"]},"runtime":{"constant_value":"provided.al2023"},"source_code_hash":{"references":["var.lambda_artifact_path"]},"timeout":{"references":["var.lambda_timeout_seconds"]}},"schema_version":0,"depends_on":["aws_cloudwatch_log_group.lambda"]},{"address":"aws_s3_bucket.bucket","mode":"managed","type":"aws_s3_bucket","name":"bucket","provider_config_key":"aws","expressions":{"bucket":{"references":["local.bucket_name"]},"force_destroy":{"constant_value":true}},"schema_version":0},{"address":"aws_s3_bucket_notification.bucket","mode":"managed","type":"aws_s3_bucket_notification","name":"bucket","provider_config_key":"aws","expressions":{"bucket":{"references":["aws_s3_bucket.bucket.id","aws_s3_bucket.bucket"]},"queue":[{"events":{"constant_value":["s3:ObjectCreated:*"]},"filter_prefix":{"references":["var.s3_event_prefix","var.s3_event_prefix"]},"filter_suffix":{"references":["var.s3_event_suffix","var.s3_event_suffix"]},"queue_arn":{"references":["aws_sqs_queue.main.arn","aws_sqs_queue.main"]}}]},"schema_version":0,"depends_on":["aws_sqs_queue_policy.main"]},{"address":"aws_s3_bucket_ownership_controls.bucket","mode":"managed","type":"aws_s3_bucket_ownership_controls","name":"bucket","provider_config_key":"aws","expressions":{"bucket":{"references":["aws_s3_bucket.bucket.id","aws_s3_bucket.bucket"]},"rule":[{"object_ownership":{"constant_value":"BucketOwnerEnforced"}}]},"schema_version":0},{"address":"aws_s3_bucket_policy.bucket","mode":"managed","type":"aws_s3_bucket_policy","name":"bucket","provider_config_key":"aws","expressions":{"bucket":{"references":["aws_s3_bucket.bucket.id","aws_s3_bucket.bucket"]},"policy":{"references":["data.aws_iam_policy_document.s3_bucket_policy.json","data.aws_iam_policy_document.s3_bucket_policy"]}},"schema_version":0},{"address":"aws_s3_bucket_public_access_block.bucket","mode":"managed","type":"aws_s3_bucket_public_access_block","name":"bucket","provider_config_key":"aws","expressions":{"block_public_acls":{"constant_value":true},"block_public_policy":{"constant_value":true},"bucket":{"references":["aws_s3_bucket.bucket.id","aws_s3_bucket.bucket"]},"ignore_public_acls":{"constant_value":true},"restrict_public_buckets":{"constant_value":true}},"schema_version":0},{"address":"aws_s3_bucket_server_side_encryption_configuration.bucket","mode":"managed","type":"aws_s3_bucket_server_side_encryption_configuration","name":"bucket","provider_config_key":"aws","expressions":{"bucket":{"references":["aws_s3_bucket.bucket.id","aws_s3_bucket.bucket"]},"rule":[{"apply_server_side_encryption_by_default":[{"sse_algorithm":{"constant_value":"AES256"}}]}]},"schema_version":0},{"address":"aws_sqs_queue.dlq","mode":"managed","type":"aws_sqs_queue","name":"dlq","provider_config_key":"aws","expressions":{"message_retention_seconds":{"references":["var.sqs_message_retention_seconds"]},"name":{"references":["var.name_prefix"]},"sqs_managed_sse_enabled":{"constant_value":true}},"schema_version":0},{"address":"aws_sqs_queue.main","mode":"managed","type":"aws_sqs_queue","name":"main","provider_config_key":"aws","expressions":{"message_retention_seconds":{"references":["var.sqs_message_retention_seconds"]},"name":{"references":["var.name_prefix"]},"redrive_policy":{"references":["aws_sqs_queue.dlq.arn","aws_sqs_queue.dlq","var.sqs_max_receive_count"]},"sqs_managed_sse_enabled":{"constant_value":true},"visibility_timeout_seconds":{"references":["var.sqs_visibility_timeout_seconds"]}},"schema_version":0},{"address":"aws_sqs_queue_policy.main","mode":"managed","type":"aws_sqs_queue_policy","name":"main","provider_config_key":"aws","expressions":{"policy":{"references":["data.aws_iam_policy_document.sqs_allow_s3.json","data.aws_iam_policy_document.sqs_allow_s3"]},"queue_url":{"references":["aws_sqs_queue.main.id","aws_sqs_queue.main"]}},"schema_version":1},{"address":"data.archive_file.lambda_dummy","mode":"data","type":"archive_file","name":"lambda_dummy","provider_config_key":"archive","expressions":{"output_path":{"references":["local.lambda_dummy_zip"]},"source":[{"content":{"constant_value":"exports.handler = async (event) =\u003e {\n  console.log(\"Dummy lambda invoked\");\n  return { statusCode: 200, body: \"dummy\" };\n};\n"},"filename":{"constant_value":"index.js"}}],"type":{"constant_value":"zip"}},"schema_version":0},{"address":"data.aws_caller_identity.current","mode":"data","type":"aws_caller_identity","name":"current","provider_config_key":"aws","schema_version":0},{"address":"data.aws_iam_policy_document.lambda_assume_role","mode":"data","type":"aws_iam_policy_document","name":"lambda_assume_role","provider_config_key":"aws","expressions":{"statement":[{"actions":{"constant_value":["sts:AssumeRole"]},"effect":{"constant_value":"Allow"},"principals":[{"identifiers":{"constant_value":["lambda.amazonaws.com"]},"type":{"constant_value":"Service"}}]}]},"schema_version":0},{"address":"data.aws_iam_policy_document.lambda_inline","mode":"data","type":"aws_iam_policy_document","name":"lambda_inline","provider_config_key":"aws","expressions":{"statement":[{"actions":{"constant_value":["logs:CreateLogGroup","logs:CreateLogStream","logs:PutLogEvents"]},"effect":{"constant_value":"Allow"},"resources":{"references":["data.aws_partition.current.partition","data.aws_partition.current","var.aws_region","data.aws_caller_identity.current.account_id","data.aws_caller_identity.current","var.name_prefix"]},"sid":{"constant_value":"CloudWatchLogs"}},{"actions":{"constant_value":["sqs:ReceiveMessage","sqs:DeleteMessage","sqs:GetQueueAttributes","sqs:ChangeMessageVisibility"]},"effect":{"constant_value":"Allow"},"resources":{"references":["aws_sqs_queue.main.arn","aws_sqs_queue.main"]},"sid":{"constant_value":"ConsumeFromSQS"}}]},"schema_version":0},{"address":"data.aws_iam_policy_document.s3_bucket_policy","mode":"data","type":"aws_iam_policy_document","name":"s3_bucket_policy","provider_config_key":"aws","expressions":{"statement":[{"actions":{"constant_value":["s3:*"]},"condition":[{"test":{"constant_value":"Bool"},"values":{"constant_value":["false"]},"variable":{"constant_value":"aws:SecureTransport"}}],"effect":{"constant_value":"Deny"},"principals":[{"identifiers":{"constant_value":["*"]},"type":{"constant_value":"*"}}],"resources":{"references":["aws_s3_bucket.bucket.arn","aws_s3_bucket.bucket","aws_s3_bucket.bucket.arn","aws_s3_bucket.bucket"]},"sid":{"constant_value":"DenyInsecureTransport"}}]},"schema_version":0},{"address":"data.aws_iam_policy_document.sqs_allow_s3","mode":"data","type":"aws_iam_policy_document","name":"sqs_allow_s3","provider_config_key":"aws","expressions":{"statement":[{"actions":{"constant_value":["sqs:SendMessage"]},"condition":[{"test":{"constant_value":"ArnEquals"},"values":{"references":["aws_s3_bucket.bucket.arn","aws_s3_bucket.bucket"]},"variable":{"constant_value":"aws:SourceArn"}},{"test":{"constant_value":"StringEquals"},"values":{"references":["data.aws_caller_identity.current.account_id","data.aws_caller_identity.current"]},"variable":{"constant_value":"aws:SourceAccount"}}],"effect":{"constant_value":"Allow"},"principals":[{"identifiers":{"constant_value":["s3.amazonaws.com"]},"type":{"constant_value":"Service"}}],"resources":{"references":["aws_sqs_queue.main.arn","aws_sqs_queue.main"]},"sid":{"constant_value":"AllowS3SendMessage"}}]},"schema_version":0},{"address":"data.aws_partition.current","mode":"data","type":"aws_partition","name":"current","provider_config_key":"aws","schema_version":0},{"address":"data.aws_region.current","mode":"data","type":"aws_region","name":"current","provider_config_key":"aws","schema_version":0}],"variables":{"aws_region":{"default":"ap-southeast-1","description":"AWS region to deploy into."},"enable_s3_read":{"default":false,"description":"Whether to grant Lambda permission to read objects from the S3 bucket."},"lambda_artifact_path":{"default":"../lambda/build/handler.zip","description":"Path to the Lambda deployment package (zip) containing the bootstrap binary."},"lambda_memory_size":{"default":128,"description":"Lambda memory size (MB)."},"lambda_sqs_batch_size":{"default":10,"description":"Number of messages to send to the Lambda function in each batch."},"lambda_sqs_maximum_batching_window_seconds":{"default":0,"description":"Maximum batching window in seconds for SQS event source mapping."},"lambda_timeout_seconds":{"default":30,"description":"Lambda timeout in seconds."},"log_retention_days":{"default":14,"description":"CloudWatch log group retention in days."},"name_prefix":{"default":"localstack-s3-sqs-lambda","description":"Prefix used for naming AWS resources."},"s3_event_prefix":{"default":"","description":"Optional S3 key prefix filter for notifications (e.g., 'incoming/'). Empty means no prefix filter."},"s3_event_suffix":{"default":".csv","description":"Optional S3 key suffix filter for notifications (e.g., '.csv'). Empty means no suffix filter."},"sqs_max_receive_count":{"default":5,"description":"How many times a message can be received before moving to DLQ."},"sqs_message_retention_seconds":{"default":345600,"description":"How long SQS retains messages."},"sqs_visibility_timeout_seconds":{"default":60,"description":"Visibility timeout for the main SQS queue. Should be \u003e= Lambda timeout."},"tags":{"default":{"Managed":"terraform","Project":"localstack-s3-sqs-lambda"},"description":"Tags to apply to all resources."}}}},"relevant_attributes":[{"resource":"aws_iam_role.lambda","attribute":["arn"]},{"resource":"aws_s3_bucket.bucket","attribute":["id"]},{"resource":"aws_lambda_function.this","attribute":["function_name"]},{"resource":"data.aws_partition.current","attribute":["partition"]},{"resource":"aws_sqs_queue.main","attribute":["arn"]},{"resource":"aws_iam_role.lambda","attribute":["id"]},{"resource":"data.aws_caller_identity.current","attribute":["account_id"]},{"resource":"data.aws_iam_policy_document.lambda_assume_role","attribute":["json"]},{"resource":"aws_sqs_queue.dlq","attribute":["id"]},{"resource":"aws_lambda_function.this","attribute":["arn"]},{"resource":"data.aws_iam_policy_document.lambda_inline","attribute":["json"]},{"resource":"aws_s3_bucket.bucket","attribute":["arn"]},{"resource":"aws_sqs_queue.dlq","attribute":["arn"]},{"resource":"data.aws_iam_policy_document.s3_bucket_policy","attribute":["json"]},{"resource":"data.aws_iam_policy_document.sqs_allow_s3","attribute":["json"]},{"resource":"aws_s3_bucket.bucket","attribute":["bucket"]},{"resource":"aws_sqs_queue.main","attribute":["id"]},{"resource":"aws_sqs_queue.dlq","attribute":["name"]},{"resource":"aws_sqs_queue.main","attribute":["name"]}],"timestamp":"2026-01-27T04:18:44Z","applyable":true,"complete":true,"errored":false}
