
Terraform used the selected providers to generate the following execution
plan. Resource actions are indicated with the following symbols:
  + create

Terraform will perform the following actions:

  # aws_security_group.client will be created
  + resource "aws_security_group" "client" {
      + arn                    = (known after apply)
      + description            = "Security group for IPA clients"
      + egress                 = (known after apply)
      + id                     = (known after apply)
      + ingress                = (known after apply)
      + name                   = (known after apply)
      + name_prefix            = (known after apply)
      + owner_id               = (known after apply)
      + revoke_rules_on_delete = false
      + tags_all               = (known after apply)
      + vpc_id                 = "vpc-00000000"
    }

  # aws_security_group.server will be created
  + resource "aws_security_group" "server" {
      + arn                    = (known after apply)
      + description            = "Security group for IPA servers"
      + egress                 = (known after apply)
      + id                     = (known after apply)
      + ingress                = (known after apply)
      + name                   = (known after apply)
      + name_prefix            = (known after apply)
      + owner_id               = (known after apply)
      + revoke_rules_on_delete = false
      + tags_all               = (known after apply)
      + vpc_id                 = "vpc-00000000"
    }

  # aws_security_group_rule.client_egress["http"] will be created
  + resource "aws_security_group_rule" "client_egress" {
      + from_port                = 80
      + id                       = (known after apply)
      + protocol                 = "tcp"
      + security_group_id        = (known after apply)
      + security_group_rule_id   = (known after apply)
      + self                     = false
      + source_security_group_id = (known after apply)
      + to_port                  = 80
      + type                     = "egress"
    }

  # aws_security_group_rule.client_egress["https"] will be created
  + resource "aws_security_group_rule" "client_egress" {
      + from_port                = 443
      + id                       = (known after apply)
      + protocol                 = "tcp"
      + security_group_id        = (known after apply)
      + security_group_rule_id   = (known after apply)
      + self                     = false
      + source_security_group_id = (known after apply)
      + to_port                  = 443
      + type                     = "egress"
    }

  # aws_security_group_rule.client_egress["kinit_tcp"] will be created
  + resource "aws_security_group_rule" "client_egress" {
      + from_port                = 88
      + id                       = (known after apply)
      + protocol                 = "tcp"
      + security_group_id        = (known after apply)
      + security_group_rule_id   = (known after apply)
      + self                     = false
      + source_security_group_id = (known after apply)
      + to_port                  = 88
      + type                     = "egress"
    }

  # aws_security_group_rule.client_egress["kinit_udp"] will be created
  + resource "aws_security_group_rule" "client_egress" {
      + from_port                = 88
      + id                       = (known after apply)
      + protocol                 = "udp"
      + security_group_id        = (known after apply)
      + security_group_rule_id   = (known after apply)
      + self                     = false
      + source_security_group_id = (known after apply)
      + to_port                  = 88
      + type                     = "egress"
    }

  # aws_security_group_rule.client_egress["kpasswd_tcp"] will be created
  + resource "aws_security_group_rule" "client_egress" {
      + from_port                = 464
      + id                       = (known after apply)
      + protocol                 = "tcp"
      + security_group_id        = (known after apply)
      + security_group_rule_id   = (known after apply)
      + self                     = false
      + source_security_group_id = (known after apply)
      + to_port                  = 464
      + type                     = "egress"
    }

  # aws_security_group_rule.client_egress["kpasswd_udp"] will be created
  + resource "aws_security_group_rule" "client_egress" {
      + from_port                = 464
      + id                       = (known after apply)
      + protocol                 = "udp"
      + security_group_id        = (known after apply)
      + security_group_rule_id   = (known after apply)
      + self                     = false
      + source_security_group_id = (known after apply)
      + to_port                  = 464
      + type                     = "egress"
    }

  # aws_security_group_rule.client_egress["ldap"] will be created
  + resource "aws_security_group_rule" "client_egress" {
      + from_port                = 389
      + id                       = (known after apply)
      + protocol                 = "tcp"
      + security_group_id        = (known after apply)
      + security_group_rule_id   = (known after apply)
      + self                     = false
      + source_security_group_id = (known after apply)
      + to_port                  = 389
      + type                     = "egress"
    }

  # aws_security_group_rule.client_egress["ldaps"] will be created
  + resource "aws_security_group_rule" "client_egress" {
      + from_port                = 636
      + id                       = (known after apply)
      + protocol                 = "tcp"
      + security_group_id        = (known after apply)
      + security_group_rule_id   = (known after apply)
      + self                     = false
      + source_security_group_id = (known after apply)
      + to_port                  = 636
      + type                     = "egress"
    }

  # aws_security_group_rule.server_egress_self["http"] will be created
  + resource "aws_security_group_rule" "server_egress_self" {
      + from_port                = 80
      + id                       = (known after apply)
      + protocol                 = "tcp"
      + security_group_id        = (known after apply)
      + security_group_rule_id   = (known after apply)
      + self                     = true
      + source_security_group_id = (known after apply)
      + to_port                  = 80
      + type                     = "egress"
    }

  # aws_security_group_rule.server_egress_self["https"] will be created
  + resource "aws_security_group_rule" "server_egress_self" {
      + from_port                = 443
      + id                       = (known after apply)
      + protocol                 = "tcp"
      + security_group_id        = (known after apply)
      + security_group_rule_id   = (known after apply)
      + self                     = true
      + source_security_group_id = (known after apply)
      + to_port                  = 443
      + type                     = "egress"
    }

  # aws_security_group_rule.server_egress_self["kinit_tcp"] will be created
  + resource "aws_security_group_rule" "server_egress_self" {
      + from_port                = 88
      + id                       = (known after apply)
      + protocol                 = "tcp"
      + security_group_id        = (known after apply)
      + security_group_rule_id   = (known after apply)
      + self                     = true
      + source_security_group_id = (known after apply)
      + to_port                  = 88
      + type                     = "egress"
    }

  # aws_security_group_rule.server_egress_self["kinit_udp"] will be created
  + resource "aws_security_group_rule" "server_egress_self" {
      + from_port                = 88
      + id                       = (known after apply)
      + protocol                 = "udp"
      + security_group_id        = (known after apply)
      + security_group_rule_id   = (known after apply)
      + self                     = true
      + source_security_group_id = (known after apply)
      + to_port                  = 88
      + type                     = "egress"
    }

  # aws_security_group_rule.server_egress_self["kpasswd_tcp"] will be created
  + resource "aws_security_group_rule" "server_egress_self" {
      + from_port                = 464
      + id                       = (known after apply)
      + protocol                 = "tcp"
      + security_group_id        = (known after apply)
      + security_group_rule_id   = (known after apply)
      + self                     = true
      + source_security_group_id = (known after apply)
      + to_port                  = 464
      + type                     = "egress"
    }

  # aws_security_group_rule.server_egress_self["kpasswd_udp"] will be created
  + resource "aws_security_group_rule" "server_egress_self" {
      + from_port                = 464
      + id                       = (known after apply)
      + protocol                 = "udp"
      + security_group_id        = (known after apply)
      + security_group_rule_id   = (known after apply)
      + self                     = true
      + source_security_group_id = (known after apply)
      + to_port                  = 464
      + type                     = "egress"
    }

  # aws_security_group_rule.server_egress_self["ldap"] will be created
  + resource "aws_security_group_rule" "server_egress_self" {
      + from_port                = 389
      + id                       = (known after apply)
      + protocol                 = "tcp"
      + security_group_id        = (known after apply)
      + security_group_rule_id   = (known after apply)
      + self                     = true
      + source_security_group_id = (known after apply)
      + to_port                  = 389
      + type                     = "egress"
    }

  # aws_security_group_rule.server_egress_self["ldaps"] will be created
  + resource "aws_security_group_rule" "server_egress_self" {
      + from_port                = 636
      + id                       = (known after apply)
      + protocol                 = "tcp"
      + security_group_id        = (known after apply)
      + security_group_rule_id   = (known after apply)
      + self                     = true
      + source_security_group_id = (known after apply)
      + to_port                  = 636
      + type                     = "egress"
    }

  # aws_security_group_rule.server_http_egress will be created
  + resource "aws_security_group_rule" "server_http_egress" {
      + cidr_blocks              = [
          + "0.0.0.0/0",
        ]
      + from_port                = 80
      + id                       = (known after apply)
      + protocol                 = "tcp"
      + security_group_id        = (known after apply)
      + security_group_rule_id   = (known after apply)
      + self                     = false
      + source_security_group_id = (known after apply)
      + to_port                  = 80
      + type                     = "egress"
    }

  # aws_security_group_rule.server_https_egress will be created
  + resource "aws_security_group_rule" "server_https_egress" {
      + cidr_blocks              = [
          + "0.0.0.0/0",
        ]
      + from_port                = 443
      + id                       = (known after apply)
      + protocol                 = "tcp"
      + security_group_id        = (known after apply)
      + security_group_rule_id   = (known after apply)
      + self                     = false
      + source_security_group_id = (known after apply)
      + to_port                  = 443
      + type                     = "egress"
    }

  # aws_security_group_rule.server_ingress_clients["http"] will be created
  + resource "aws_security_group_rule" "server_ingress_clients" {
      + from_port                = 80
      + id                       = (known after apply)
      + protocol                 = "tcp"
      + security_group_id        = (known after apply)
      + security_group_rule_id   = (known after apply)
      + self                     = false
      + source_security_group_id = (known after apply)
      + to_port                  = 80
      + type                     = "ingress"
    }

  # aws_security_group_rule.server_ingress_clients["https"] will be created
  + resource "aws_security_group_rule" "server_ingress_clients" {
      + from_port                = 443
      + id                       = (known after apply)
      + protocol                 = "tcp"
      + security_group_id        = (known after apply)
      + security_group_rule_id   = (known after apply)
      + self                     = false
      + source_security_group_id = (known after apply)
      + to_port                  = 443
      + type                     = "ingress"
    }

  # aws_security_group_rule.server_ingress_clients["kinit_tcp"] will be created
  + resource "aws_security_group_rule" "server_ingress_clients" {
      + from_port                = 88
      + id                       = (known after apply)
      + protocol                 = "tcp"
      + security_group_id        = (known after apply)
      + security_group_rule_id   = (known after apply)
      + self                     = false
      + source_security_group_id = (known after apply)
      + to_port                  = 88
      + type                     = "ingress"
    }

  # aws_security_group_rule.server_ingress_clients["kinit_udp"] will be created
  + resource "aws_security_group_rule" "server_ingress_clients" {
      + from_port                = 88
      + id                       = (known after apply)
      + protocol                 = "udp"
      + security_group_id        = (known after apply)
      + security_group_rule_id   = (known after apply)
      + self                     = false
      + source_security_group_id = (known after apply)
      + to_port                  = 88
      + type                     = "ingress"
    }

  # aws_security_group_rule.server_ingress_clients["kpasswd_tcp"] will be created
  + resource "aws_security_group_rule" "server_ingress_clients" {
      + from_port                = 464
      + id                       = (known after apply)
      + protocol                 = "tcp"
      + security_group_id        = (known after apply)
      + security_group_rule_id   = (known after apply)
      + self                     = false
      + source_security_group_id = (known after apply)
      + to_port                  = 464
      + type                     = "ingress"
    }

  # aws_security_group_rule.server_ingress_clients["kpasswd_udp"] will be created
  + resource "aws_security_group_rule" "server_ingress_clients" {
      + from_port                = 464
      + id                       = (known after apply)
      + protocol                 = "udp"
      + security_group_id        = (known after apply)
      + security_group_rule_id   = (known after apply)
      + self                     = false
      + source_security_group_id = (known after apply)
      + to_port                  = 464
      + type                     = "ingress"
    }

  # aws_security_group_rule.server_ingress_clients["ldap"] will be created
  + resource "aws_security_group_rule" "server_ingress_clients" {
      + from_port                = 389
      + id                       = (known after apply)
      + protocol                 = "tcp"
      + security_group_id        = (known after apply)
      + security_group_rule_id   = (known after apply)
      + self                     = false
      + source_security_group_id = (known after apply)
      + to_port                  = 389
      + type                     = "ingress"
    }

  # aws_security_group_rule.server_ingress_clients["ldaps"] will be created
  + resource "aws_security_group_rule" "server_ingress_clients" {
      + from_port                = 636
      + id                       = (known after apply)
      + protocol                 = "tcp"
      + security_group_id        = (known after apply)
      + security_group_rule_id   = (known after apply)
      + self                     = false
      + source_security_group_id = (known after apply)
      + to_port                  = 636
      + type                     = "ingress"
    }

  # aws_security_group_rule.server_ingress_self["http"] will be created
  + resource "aws_security_group_rule" "server_ingress_self" {
      + from_port                = 80
      + id                       = (known after apply)
      + protocol                 = "tcp"
      + security_group_id        = (known after apply)
      + security_group_rule_id   = (known after apply)
      + self                     = true
      + source_security_group_id = (known after apply)
      + to_port                  = 80
      + type                     = "ingress"
    }

  # aws_security_group_rule.server_ingress_self["https"] will be created
  + resource "aws_security_group_rule" "server_ingress_self" {
      + from_port                = 443
      + id                       = (known after apply)
      + protocol                 = "tcp"
      + security_group_id        = (known after apply)
      + security_group_rule_id   = (known after apply)
      + self                     = true
      + source_security_group_id = (known after apply)
      + to_port                  = 443
      + type                     = "ingress"
    }

  # aws_security_group_rule.server_ingress_self["kinit_tcp"] will be created
  + resource "aws_security_group_rule" "server_ingress_self" {
      + from_port                = 88
      + id                       = (known after apply)
      + protocol                 = "tcp"
      + security_group_id        = (known after apply)
      + security_group_rule_id   = (known after apply)
      + self                     = true
      + source_security_group_id = (known after apply)
      + to_port                  = 88
      + type                     = "ingress"
    }

  # aws_security_group_rule.server_ingress_self["kinit_udp"] will be created
  + resource "aws_security_group_rule" "server_ingress_self" {
      + from_port                = 88
      + id                       = (known after apply)
      + protocol                 = "udp"
      + security_group_id        = (known after apply)
      + security_group_rule_id   = (known after apply)
      + self                     = true
      + source_security_group_id = (known after apply)
      + to_port                  = 88
      + type                     = "ingress"
    }

  # aws_security_group_rule.server_ingress_self["kpasswd_tcp"] will be created
  + resource "aws_security_group_rule" "server_ingress_self" {
      + from_port                = 464
      + id                       = (known after apply)
      + protocol                 = "tcp"
      + security_group_id        = (known after apply)
      + security_group_rule_id   = (known after apply)
      + self                     = true
      + source_security_group_id = (known after apply)
      + to_port                  = 464
      + type                     = "ingress"
    }

  # aws_security_group_rule.server_ingress_self["kpasswd_udp"] will be created
  + resource "aws_security_group_rule" "server_ingress_self" {
      + from_port                = 464
      + id                       = (known after apply)
      + protocol                 = "udp"
      + security_group_id        = (known after apply)
      + security_group_rule_id   = (known after apply)
      + self                     = true
      + source_security_group_id = (known after apply)
      + to_port                  = 464
      + type                     = "ingress"
    }

  # aws_security_group_rule.server_ingress_self["ldap"] will be created
  + resource "aws_security_group_rule" "server_ingress_self" {
      + from_port                = 389
      + id                       = (known after apply)
      + protocol                 = "tcp"
      + security_group_id        = (known after apply)
      + security_group_rule_id   = (known after apply)
      + self                     = true
      + source_security_group_id = (known after apply)
      + to_port                  = 389
      + type                     = "ingress"
    }

  # aws_security_group_rule.server_ingress_self["ldaps"] will be created
  + resource "aws_security_group_rule" "server_ingress_self" {
      + from_port                = 636
      + id                       = (known after apply)
      + protocol                 = "tcp"
      + security_group_id        = (known after apply)
      + security_group_rule_id   = (known after apply)
      + self                     = true
      + source_security_group_id = (known after apply)
      + to_port                  = 636
      + type                     = "ingress"
    }

  # aws_security_group_rule.server_ingress_trusted["http"] will be created
  + resource "aws_security_group_rule" "server_ingress_trusted" {
      + cidr_blocks              = []
      + from_port                = 80
      + id                       = (known after apply)
      + protocol                 = "tcp"
      + security_group_id        = (known after apply)
      + security_group_rule_id   = (known after apply)
      + self                     = false
      + source_security_group_id = (known after apply)
      + to_port                  = 80
      + type                     = "ingress"
    }

  # aws_security_group_rule.server_ingress_trusted["https"] will be created
  + resource "aws_security_group_rule" "server_ingress_trusted" {
      + cidr_blocks              = []
      + from_port                = 443
      + id                       = (known after apply)
      + protocol                 = "tcp"
      + security_group_id        = (known after apply)
      + security_group_rule_id   = (known after apply)
      + self                     = false
      + source_security_group_id = (known after apply)
      + to_port                  = 443
      + type                     = "ingress"
    }

  # aws_security_group_rule.server_ingress_trusted["kinit_tcp"] will be created
  + resource "aws_security_group_rule" "server_ingress_trusted" {
      + cidr_blocks              = []
      + from_port                = 88
      + id                       = (known after apply)
      + protocol                 = "tcp"
      + security_group_id        = (known after apply)
      + security_group_rule_id   = (known after apply)
      + self                     = false
      + source_security_group_id = (known after apply)
      + to_port                  = 88
      + type                     = "ingress"
    }

  # aws_security_group_rule.server_ingress_trusted["kinit_udp"] will be created
  + resource "aws_security_group_rule" "server_ingress_trusted" {
      + cidr_blocks              = []
      + from_port                = 88
      + id                       = (known after apply)
      + protocol                 = "udp"
      + security_group_id        = (known after apply)
      + security_group_rule_id   = (known after apply)
      + self                     = false
      + source_security_group_id = (known after apply)
      + to_port                  = 88
      + type                     = "ingress"
    }

  # aws_security_group_rule.server_ingress_trusted["kpasswd_tcp"] will be created
  + resource "aws_security_group_rule" "server_ingress_trusted" {
      + cidr_blocks              = []
      + from_port                = 464
      + id                       = (known after apply)
      + protocol                 = "tcp"
      + security_group_id        = (known after apply)
      + security_group_rule_id   = (known after apply)
      + self                     = false
      + source_security_group_id = (known after apply)
      + to_port                  = 464
      + type                     = "ingress"
    }

  # aws_security_group_rule.server_ingress_trusted["kpasswd_udp"] will be created
  + resource "aws_security_group_rule" "server_ingress_trusted" {
      + cidr_blocks              = []
      + from_port                = 464
      + id                       = (known after apply)
      + protocol                 = "udp"
      + security_group_id        = (known after apply)
      + security_group_rule_id   = (known after apply)
      + self                     = false
      + source_security_group_id = (known after apply)
      + to_port                  = 464
      + type                     = "ingress"
    }

  # aws_security_group_rule.server_ingress_trusted["ldap"] will be created
  + resource "aws_security_group_rule" "server_ingress_trusted" {
      + cidr_blocks              = []
      + from_port                = 389
      + id                       = (known after apply)
      + protocol                 = "tcp"
      + security_group_id        = (known after apply)
      + security_group_rule_id   = (known after apply)
      + self                     = false
      + source_security_group_id = (known after apply)
      + to_port                  = 389
      + type                     = "ingress"
    }

  # aws_security_group_rule.server_ingress_trusted["ldaps"] will be created
  + resource "aws_security_group_rule" "server_ingress_trusted" {
      + cidr_blocks              = []
      + from_port                = 636
      + id                       = (known after apply)
      + protocol                 = "tcp"
      + security_group_id        = (known after apply)
      + security_group_rule_id   = (known after apply)
      + self                     = false
      + source_security_group_id = (known after apply)
      + to_port                  = 636
      + type                     = "ingress"
    }

Plan: 44 to add, 0 to change, 0 to destroy.

Changes to Outputs:
  + client = {
      + arn                    = (known after apply)
      + description            = "Security group for IPA clients"
      + egress                 = (known after apply)
      + id                     = (known after apply)
      + ingress                = (known after apply)
      + name                   = (known after apply)
      + name_prefix            = (known after apply)
      + owner_id               = (known after apply)
      + revoke_rules_on_delete = false
      + tags                   = null
      + tags_all               = (known after apply)
      + timeouts               = null
      + vpc_id                 = "vpc-00000000"
    }
  + server = {
      + arn                    = (known after apply)
      + description            = "Security group for IPA servers"
      + egress                 = (known after apply)
      + id                     = (known after apply)
      + ingress                = (known after apply)
      + name                   = (known after apply)
      + name_prefix            = (known after apply)
      + owner_id               = (known after apply)
      + revoke_rules_on_delete = false
      + tags                   = null
      + tags_all               = (known after apply)
      + timeouts               = null
      + vpc_id                 = "vpc-00000000"
    }
aws_security_group.server: Creating...
aws_security_group.client: Creating...
aws_security_group.server: Creation complete after 1s [id=sg-b717bd08acb160412]
aws_security_group.client: Creation complete after 1s [id=sg-c8f2be3055d7c675a]
aws_security_group_rule.server_egress_self["http"]: Creating...
aws_security_group_rule.server_egress_self["ldap"]: Creating...
aws_security_group_rule.server_ingress_self["ldaps"]: Creating...
aws_security_group_rule.server_http_egress: Creating...
aws_security_group_rule.server_ingress_self["kpasswd_tcp"]: Creating...
aws_security_group_rule.server_ingress_trusted["ldap"]: Creating...
aws_security_group_rule.server_https_egress: Creating...
aws_security_group_rule.server_ingress_trusted["kinit_udp"]: Creating...
aws_security_group_rule.server_egress_self["https"]: Creating...
aws_security_group_rule.server_ingress_trusted["kpasswd_tcp"]: Creating...
aws_security_group_rule.server_egress_self["http"]: Creation complete after 0s [id=sgrule-74105007]
aws_security_group_rule.server_egress_self["ldaps"]: Creating...
aws_security_group_rule.server_egress_self["ldap"]: Creation complete after 0s [id=sgrule-622038460]
aws_security_group_rule.server_ingress_trusted["http"]: Creating...
aws_security_group_rule.server_ingress_self["ldaps"]: Creation complete after 0s [id=sgrule-716823862]
aws_security_group_rule.server_ingress_self["kinit_udp"]: Creating...
aws_security_group_rule.server_ingress_self["kpasswd_tcp"]: Creation complete after 0s [id=sgrule-398146957]
aws_security_group_rule.server_egress_self["kpasswd_tcp"]: Creating...
aws_security_group_rule.server_https_egress: Still creating... [00m10s elapsed]
aws_security_group_rule.server_http_egress: Still creating... [00m10s elapsed]
aws_security_group_rule.server_ingress_trusted["kinit_udp"]: Still creating... [00m10s elapsed]
aws_security_group_rule.server_egress_self["https"]: Still creating... [00m10s elapsed]
aws_security_group_rule.server_ingress_trusted["ldap"]: Still creating... [00m10s elapsed]
aws_security_group_rule.server_ingress_trusted["kpasswd_tcp"]: Still creating... [00m10s elapsed]
aws_security_group_rule.server_egress_self["ldaps"]: Still creating... [00m10s elapsed]
aws_security_group_rule.server_ingress_trusted["http"]: Still creating... [00m10s elapsed]
aws_security_group_rule.server_ingress_self["kinit_udp"]: Still creating... [00m10s elapsed]
aws_security_group_rule.server_egress_self["kpasswd_tcp"]: Still creating... [00m10s elapsed]
aws_security_group_rule.server_http_egress: Still creating... [00m20s elapsed]
aws_security_group_rule.server_ingress_trusted["kinit_udp"]: Still creating... [00m20s elapsed]
aws_security_group_rule.server_https_egress: Still creating... [00m20s elapsed]
aws_security_group_rule.server_ingress_trusted["kpasswd_tcp"]: Still creating... [00m20s elapsed]
aws_security_group_rule.server_ingress_trusted["ldap"]: Still creating... [00m20s elapsed]
aws_security_group_rule.server_egress_self["https"]: Still creating... [00m20s elapsed]
aws_security_group_rule.server_egress_self["ldaps"]: Still creating... [00m20s elapsed]
aws_security_group_rule.server_ingress_trusted["http"]: Still creating... [00m20s elapsed]
aws_security_group_rule.server_ingress_self["kinit_udp"]: Still creating... [00m20s elapsed]
aws_security_group_rule.server_egress_self["kpasswd_tcp"]: Still creating... [00m20s elapsed]
aws_security_group_rule.server_http_egress: Still creating... [00m30s elapsed]
aws_security_group_rule.server_ingress_trusted["ldap"]: Still creating... [00m30s elapsed]
aws_security_group_rule.server_https_egress: Still creating... [00m30s elapsed]
aws_security_group_rule.server_ingress_trusted["kpasswd_tcp"]: Still creating... [00m30s elapsed]
aws_security_group_rule.server_egress_self["https"]: Still creating... [00m30s elapsed]
aws_security_group_rule.server_ingress_trusted["kinit_udp"]: Still creating... [00m30s elapsed]
aws_security_group_rule.server_egress_self["ldaps"]: Still creating... [00m30s elapsed]
aws_security_group_rule.server_ingress_trusted["http"]: Still creating... [00m30s elapsed]
aws_security_group_rule.server_ingress_self["kinit_udp"]: Still creating... [00m30s elapsed]
aws_security_group_rule.server_egress_self["kpasswd_tcp"]: Still creating... [00m30s elapsed]
aws_security_group_rule.server_egress_self["https"]: Still creating... [00m40s elapsed]
aws_security_group_rule.server_https_egress: Still creating... [00m40s elapsed]
aws_security_group_rule.server_http_egress: Still creating... [00m40s elapsed]
aws_security_group_rule.server_ingress_trusted["kinit_udp"]: Still creating... [00m40s elapsed]
aws_security_group_rule.server_ingress_trusted["kpasswd_tcp"]: Still creating... [00m40s elapsed]
aws_security_group_rule.server_ingress_trusted["ldap"]: Still creating... [00m40s elapsed]
aws_security_group_rule.server_egress_self["ldaps"]: Still creating... [00m40s elapsed]
aws_security_group_rule.server_ingress_trusted["http"]: Still creating... [00m40s elapsed]
aws_security_group_rule.server_ingress_self["kinit_udp"]: Still creating... [00m40s elapsed]
aws_security_group_rule.server_egress_self["kpasswd_tcp"]: Still creating... [00m40s elapsed]
aws_security_group_rule.server_ingress_trusted["ldap"]: Still creating... [00m50s elapsed]
aws_security_group_rule.server_ingress_trusted["kpasswd_tcp"]: Still creating... [00m50s elapsed]
aws_security_group_rule.server_ingress_trusted["kinit_udp"]: Still creating... [00m50s elapsed]
aws_security_group_rule.server_https_egress: Still creating... [00m50s elapsed]
aws_security_group_rule.server_http_egress: Still creating... [00m50s elapsed]
aws_security_group_rule.server_egress_self["https"]: Still creating... [00m50s elapsed]
aws_security_group_rule.server_ingress_trusted["http"]: Still creating... [00m50s elapsed]
aws_security_group_rule.server_egress_self["ldaps"]: Still creating... [00m50s elapsed]
aws_security_group_rule.server_ingress_self["kinit_udp"]: Still creating... [00m50s elapsed]
aws_security_group_rule.server_egress_self["kpasswd_tcp"]: Still creating... [00m50s elapsed]
aws_security_group_rule.server_http_egress: Still creating... [01m00s elapsed]
aws_security_group_rule.server_ingress_trusted["kpasswd_tcp"]: Still creating... [01m00s elapsed]
aws_security_group_rule.server_ingress_trusted["ldap"]: Still creating... [01m00s elapsed]
aws_security_group_rule.server_egress_self["https"]: Still creating... [01m00s elapsed]
aws_security_group_rule.server_https_egress: Still creating... [01m00s elapsed]
aws_security_group_rule.server_ingress_trusted["kinit_udp"]: Still creating... [01m00s elapsed]
aws_security_group_rule.server_egress_self["ldaps"]: Still creating... [01m00s elapsed]
aws_security_group_rule.server_ingress_trusted["http"]: Still creating... [01m00s elapsed]
aws_security_group_rule.server_ingress_self["kinit_udp"]: Still creating... [01m00s elapsed]
aws_security_group_rule.server_egress_self["kpasswd_tcp"]: Still creating... [01m00s elapsed]
aws_security_group_rule.server_https_egress: Still creating... [01m10s elapsed]
aws_security_group_rule.server_egress_self["https"]: Still creating... [01m10s elapsed]
aws_security_group_rule.server_http_egress: Still creating... [01m10s elapsed]
aws_security_group_rule.server_ingress_trusted["kpasswd_tcp"]: Still creating... [01m10s elapsed]
aws_security_group_rule.server_ingress_trusted["kinit_udp"]: Still creating... [01m10s elapsed]
aws_security_group_rule.server_ingress_trusted["ldap"]: Still creating... [01m10s elapsed]
aws_security_group_rule.server_ingress_trusted["http"]: Still creating... [01m10s elapsed]
aws_security_group_rule.server_egress_self["ldaps"]: Still creating... [01m10s elapsed]
aws_security_group_rule.server_ingress_self["kinit_udp"]: Still creating... [01m10s elapsed]
aws_security_group_rule.server_egress_self["kpasswd_tcp"]: Still creating... [01m10s elapsed]
aws_security_group_rule.server_ingress_trusted["kpasswd_tcp"]: Still creating... [01m20s elapsed]
aws_security_group_rule.server_ingress_trusted["kinit_udp"]: Still creating... [01m20s elapsed]
aws_security_group_rule.server_http_egress: Still creating... [01m20s elapsed]
aws_security_group_rule.server_ingress_trusted["ldap"]: Still creating... [01m20s elapsed]
aws_security_group_rule.server_https_egress: Still creating... [01m20s elapsed]
aws_security_group_rule.server_egress_self["https"]: Still creating... [01m20s elapsed]
aws_security_group_rule.server_ingress_trusted["http"]: Still creating... [01m20s elapsed]
aws_security_group_rule.server_egress_self["ldaps"]: Still creating... [01m20s elapsed]
aws_security_group_rule.server_ingress_self["kinit_udp"]: Still creating... [01m20s elapsed]
aws_security_group_rule.server_egress_self["kpasswd_tcp"]: Still creating... [01m20s elapsed]
aws_security_group_rule.server_egress_self["https"]: Still creating... [01m30s elapsed]
aws_security_group_rule.server_ingress_trusted["ldap"]: Still creating... [01m30s elapsed]
aws_security_group_rule.server_ingress_trusted["kinit_udp"]: Still creating... [01m30s elapsed]
aws_security_group_rule.server_ingress_trusted["kpasswd_tcp"]: Still creating... [01m30s elapsed]
aws_security_group_rule.server_http_egress: Still creating... [01m30s elapsed]
aws_security_group_rule.server_https_egress: Still creating... [01m30s elapsed]
aws_security_group_rule.server_ingress_trusted["http"]: Still creating... [01m30s elapsed]
aws_security_group_rule.server_egress_self["ldaps"]: Still creating... [01m30s elapsed]
aws_security_group_rule.server_egress_self["kpasswd_tcp"]: Still creating... [01m30s elapsed]
aws_security_group_rule.server_ingress_self["kinit_udp"]: Still creating... [01m30s elapsed]
aws_security_group_rule.server_http_egress: Still creating... [01m40s elapsed]
aws_security_group_rule.server_https_egress: Still creating... [01m40s elapsed]
aws_security_group_rule.server_ingress_trusted["ldap"]: Still creating... [01m40s elapsed]
aws_security_group_rule.server_ingress_trusted["kinit_udp"]: Still creating... [01m40s elapsed]
aws_security_group_rule.server_ingress_trusted["kpasswd_tcp"]: Still creating... [01m40s elapsed]
aws_security_group_rule.server_egress_self["https"]: Still creating... [01m40s elapsed]
aws_security_group_rule.server_ingress_trusted["http"]: Still creating... [01m40s elapsed]
aws_security_group_rule.server_egress_self["ldaps"]: Still creating... [01m40s elapsed]
aws_security_group_rule.server_ingress_self["kinit_udp"]: Still creating... [01m40s elapsed]
aws_security_group_rule.server_egress_self["kpasswd_tcp"]: Still creating... [01m40s elapsed]
aws_security_group_rule.server_egress_self["https"]: Still creating... [01m50s elapsed]
aws_security_group_rule.server_ingress_trusted["kinit_udp"]: Still creating... [01m50s elapsed]
aws_security_group_rule.server_ingress_trusted["ldap"]: Still creating... [01m50s elapsed]
aws_security_group_rule.server_http_egress: Still creating... [01m50s elapsed]
aws_security_group_rule.server_https_egress: Still creating... [01m50s elapsed]
aws_security_group_rule.server_ingress_trusted["kpasswd_tcp"]: Still creating... [01m50s elapsed]
aws_security_group_rule.server_ingress_trusted["http"]: Still creating... [01m50s elapsed]
aws_security_group_rule.server_egress_self["ldaps"]: Still creating... [01m50s elapsed]
aws_security_group_rule.server_egress_self["kpasswd_tcp"]: Still creating... [01m50s elapsed]
aws_security_group_rule.server_ingress_self["kinit_udp"]: Still creating... [01m50s elapsed]
aws_security_group_rule.server_https_egress: Still creating... [02m00s elapsed]
aws_security_group_rule.server_ingress_trusted["kpasswd_tcp"]: Still creating... [02m00s elapsed]
aws_security_group_rule.server_ingress_trusted["ldap"]: Still creating... [02m00s elapsed]
aws_security_group_rule.server_http_egress: Still creating... [02m00s elapsed]
aws_security_group_rule.server_ingress_trusted["kinit_udp"]: Still creating... [02m00s elapsed]
aws_security_group_rule.server_egress_self["https"]: Still creating... [02m00s elapsed]
aws_security_group_rule.server_egress_self["ldaps"]: Still creating... [02m00s elapsed]
aws_security_group_rule.server_ingress_trusted["http"]: Still creating... [02m00s elapsed]
aws_security_group_rule.server_egress_self["kpasswd_tcp"]: Still creating... [02m00s elapsed]
aws_security_group_rule.server_ingress_self["kinit_udp"]: Still creating... [02m00s elapsed]
aws_security_group_rule.server_http_egress: Still creating... [02m10s elapsed]
aws_security_group_rule.server_egress_self["https"]: Still creating... [02m10s elapsed]
aws_security_group_rule.server_ingress_trusted["ldap"]: Still creating... [02m10s elapsed]
aws_security_group_rule.server_ingress_trusted["kpasswd_tcp"]: Still creating... [02m10s elapsed]
aws_security_group_rule.server_https_egress: Still creating... [02m10s elapsed]
aws_security_group_rule.server_ingress_trusted["kinit_udp"]: Still creating... [02m10s elapsed]
aws_security_group_rule.server_ingress_trusted["http"]: Still creating... [02m10s elapsed]
aws_security_group_rule.server_egress_self["ldaps"]: Still creating... [02m10s elapsed]
aws_security_group_rule.server_ingress_self["kinit_udp"]: Still creating... [02m10s elapsed]
aws_security_group_rule.server_egress_self["kpasswd_tcp"]: Still creating... [02m10s elapsed]
aws_security_group_rule.server_ingress_trusted["kinit_udp"]: Still creating... [02m20s elapsed]
aws_security_group_rule.server_https_egress: Still creating... [02m20s elapsed]
aws_security_group_rule.server_ingress_trusted["kpasswd_tcp"]: Still creating... [02m20s elapsed]
aws_security_group_rule.server_http_egress: Still creating... [02m20s elapsed]
aws_security_group_rule.server_egress_self["https"]: Still creating... [02m20s elapsed]
aws_security_group_rule.server_ingress_trusted["ldap"]: Still creating... [02m20s elapsed]
aws_security_group_rule.server_ingress_trusted["http"]: Still creating... [02m20s elapsed]
aws_security_group_rule.server_egress_self["ldaps"]: Still creating... [02m20s elapsed]
aws_security_group_rule.server_ingress_self["kinit_udp"]: Still creating... [02m20s elapsed]
aws_security_group_rule.server_egress_self["kpasswd_tcp"]: Still creating... [02m20s elapsed]
aws_security_group_rule.server_ingress_trusted["ldap"]: Still creating... [02m30s elapsed]
aws_security_group_rule.server_ingress_trusted["kinit_udp"]: Still creating... [02m30s elapsed]
aws_security_group_rule.server_https_egress: Still creating... [02m30s elapsed]
aws_security_group_rule.server_ingress_trusted["kpasswd_tcp"]: Still creating... [02m30s elapsed]
aws_security_group_rule.server_http_egress: Still creating... [02m30s elapsed]
aws_security_group_rule.server_egress_self["https"]: Still creating... [02m30s elapsed]
aws_security_group_rule.server_egress_self["ldaps"]: Still creating... [02m30s elapsed]
aws_security_group_rule.server_ingress_trusted["http"]: Still creating... [02m30s elapsed]
aws_security_group_rule.server_ingress_self["kinit_udp"]: Still creating... [02m30s elapsed]
aws_security_group_rule.server_egress_self["kpasswd_tcp"]: Still creating... [02m30s elapsed]
aws_security_group_rule.server_https_egress: Still creating... [02m40s elapsed]
aws_security_group_rule.server_egress_self["https"]: Still creating... [02m40s elapsed]
aws_security_group_rule.server_ingress_trusted["kinit_udp"]: Still creating... [02m40s elapsed]
aws_security_group_rule.server_ingress_trusted["ldap"]: Still creating... [02m40s elapsed]
aws_security_group_rule.server_http_egress: Still creating... [02m40s elapsed]
aws_security_group_rule.server_ingress_trusted["kpasswd_tcp"]: Still creating... [02m40s elapsed]
aws_security_group_rule.server_egress_self["ldaps"]: Still creating... [02m40s elapsed]
aws_security_group_rule.server_ingress_trusted["http"]: Still creating... [02m40s elapsed]
aws_security_group_rule.server_ingress_self["kinit_udp"]: Still creating... [02m40s elapsed]
aws_security_group_rule.server_egress_self["kpasswd_tcp"]: Still creating... [02m40s elapsed]
aws_security_group_rule.server_ingress_trusted["ldap"]: Still creating... [02m50s elapsed]
aws_security_group_rule.server_egress_self["https"]: Still creating... [02m50s elapsed]
aws_security_group_rule.server_ingress_trusted["kpasswd_tcp"]: Still creating... [02m50s elapsed]
aws_security_group_rule.server_https_egress: Still creating... [02m50s elapsed]
aws_security_group_rule.server_ingress_trusted["kinit_udp"]: Still creating... [02m50s elapsed]
aws_security_group_rule.server_http_egress: Still creating... [02m50s elapsed]
aws_security_group_rule.server_egress_self["ldaps"]: Still creating... [02m50s elapsed]
aws_security_group_rule.server_ingress_trusted["http"]: Still creating... [02m50s elapsed]
aws_security_group_rule.server_egress_self["kpasswd_tcp"]: Still creating... [02m50s elapsed]
aws_security_group_rule.server_ingress_self["kinit_udp"]: Still creating... [02m50s elapsed]
aws_security_group_rule.server_ingress_trusted["ldap"]: Still creating... [03m00s elapsed]
aws_security_group_rule.server_ingress_trusted["kpasswd_tcp"]: Still creating... [03m00s elapsed]
aws_security_group_rule.server_https_egress: Still creating... [03m00s elapsed]
aws_security_group_rule.server_ingress_trusted["kinit_udp"]: Still creating... [03m00s elapsed]
aws_security_group_rule.server_egress_self["https"]: Still creating... [03m00s elapsed]
aws_security_group_rule.server_http_egress: Still creating... [03m00s elapsed]
aws_security_group_rule.server_egress_self["ldaps"]: Still creating... [03m00s elapsed]
aws_security_group_rule.server_ingress_trusted["http"]: Still creating... [03m00s elapsed]
aws_security_group_rule.server_egress_self["kpasswd_tcp"]: Still creating... [03m00s elapsed]
aws_security_group_rule.server_ingress_self["kinit_udp"]: Still creating... [03m00s elapsed]
aws_security_group_rule.server_http_egress: Still creating... [03m10s elapsed]
aws_security_group_rule.server_https_egress: Still creating... [03m10s elapsed]
aws_security_group_rule.server_ingress_trusted["kinit_udp"]: Still creating... [03m10s elapsed]
aws_security_group_rule.server_egress_self["https"]: Still creating... [03m10s elapsed]
aws_security_group_rule.server_ingress_trusted["kpasswd_tcp"]: Still creating... [03m10s elapsed]
aws_security_group_rule.server_ingress_trusted["ldap"]: Still creating... [03m10s elapsed]
aws_security_group_rule.server_egress_self["ldaps"]: Still creating... [03m10s elapsed]
aws_security_group_rule.server_ingress_trusted["http"]: Still creating... [03m10s elapsed]
aws_security_group_rule.server_ingress_self["kinit_udp"]: Still creating... [03m10s elapsed]
aws_security_group_rule.server_egress_self["kpasswd_tcp"]: Still creating... [03m10s elapsed]
aws_security_group_rule.server_ingress_trusted["ldap"]: Still creating... [03m20s elapsed]
aws_security_group_rule.server_http_egress: Still creating... [03m20s elapsed]
aws_security_group_rule.server_ingress_trusted["kpasswd_tcp"]: Still creating... [03m20s elapsed]
aws_security_group_rule.server_egress_self["https"]: Still creating... [03m20s elapsed]
aws_security_group_rule.server_https_egress: Still creating... [03m20s elapsed]
aws_security_group_rule.server_ingress_trusted["kinit_udp"]: Still creating... [03m20s elapsed]
aws_security_group_rule.server_egress_self["ldaps"]: Still creating... [03m20s elapsed]
aws_security_group_rule.server_ingress_trusted["http"]: Still creating... [03m20s elapsed]
aws_security_group_rule.server_egress_self["kpasswd_tcp"]: Still creating... [03m20s elapsed]
aws_security_group_rule.server_ingress_self["kinit_udp"]: Still creating... [03m20s elapsed]
aws_security_group_rule.server_egress_self["https"]: Still creating... [03m30s elapsed]
aws_security_group_rule.server_ingress_trusted["kinit_udp"]: Still creating... [03m30s elapsed]
aws_security_group_rule.server_https_egress: Still creating... [03m30s elapsed]
aws_security_group_rule.server_http_egress: Still creating... [03m30s elapsed]
aws_security_group_rule.server_ingress_trusted["kpasswd_tcp"]: Still creating... [03m30s elapsed]
aws_security_group_rule.server_ingress_trusted["ldap"]: Still creating... [03m30s elapsed]
aws_security_group_rule.server_ingress_trusted["http"]: Still creating... [03m30s elapsed]
aws_security_group_rule.server_egress_self["ldaps"]: Still creating... [03m30s elapsed]
aws_security_group_rule.server_egress_self["kpasswd_tcp"]: Still creating... [03m30s elapsed]
aws_security_group_rule.server_ingress_self["kinit_udp"]: Still creating... [03m30s elapsed]
aws_security_group_rule.server_ingress_trusted["ldap"]: Still creating... [03m40s elapsed]
aws_security_group_rule.server_http_egress: Still creating... [03m40s elapsed]
aws_security_group_rule.server_ingress_trusted["kpasswd_tcp"]: Still creating... [03m40s elapsed]
aws_security_group_rule.server_egress_self["https"]: Still creating... [03m40s elapsed]
aws_security_group_rule.server_ingress_trusted["kinit_udp"]: Still creating... [03m40s elapsed]
aws_security_group_rule.server_https_egress: Still creating... [03m40s elapsed]
aws_security_group_rule.server_ingress_trusted["http"]: Still creating... [03m40s elapsed]
aws_security_group_rule.server_egress_self["ldaps"]: Still creating... [03m40s elapsed]
aws_security_group_rule.server_egress_self["kpasswd_tcp"]: Still creating... [03m40s elapsed]
aws_security_group_rule.server_ingress_self["kinit_udp"]: Still creating... [03m40s elapsed]
aws_security_group_rule.server_https_egress: Still creating... [03m50s elapsed]
aws_security_group_rule.server_egress_self["https"]: Still creating... [03m50s elapsed]
aws_security_group_rule.server_ingress_trusted["ldap"]: Still creating... [03m50s elapsed]
aws_security_group_rule.server_ingress_trusted["kinit_udp"]: Still creating... [03m50s elapsed]
aws_security_group_rule.server_ingress_trusted["kpasswd_tcp"]: Still creating... [03m50s elapsed]
aws_security_group_rule.server_http_egress: Still creating... [03m50s elapsed]
aws_security_group_rule.server_egress_self["ldaps"]: Still creating... [03m50s elapsed]
aws_security_group_rule.server_ingress_trusted["http"]: Still creating... [03m50s elapsed]
aws_security_group_rule.server_egress_self["kpasswd_tcp"]: Still creating... [03m50s elapsed]
aws_security_group_rule.server_ingress_self["kinit_udp"]: Still creating... [03m50s elapsed]
aws_security_group_rule.server_egress_self["https"]: Still creating... [04m00s elapsed]
aws_security_group_rule.server_http_egress: Still creating... [04m00s elapsed]
aws_security_group_rule.server_ingress_trusted["kinit_udp"]: Still creating... [04m00s elapsed]
aws_security_group_rule.server_https_egress: Still creating... [04m00s elapsed]
aws_security_group_rule.server_ingress_trusted["kpasswd_tcp"]: Still creating... [04m00s elapsed]
aws_security_group_rule.server_ingress_trusted["ldap"]: Still creating... [04m00s elapsed]
aws_security_group_rule.server_egress_self["ldaps"]: Still creating... [04m00s elapsed]
aws_security_group_rule.server_ingress_trusted["http"]: Still creating... [04m00s elapsed]
aws_security_group_rule.server_ingress_self["kinit_udp"]: Still creating... [04m00s elapsed]
aws_security_group_rule.server_egress_self["kpasswd_tcp"]: Still creating... [04m00s elapsed]
aws_security_group_rule.server_ingress_trusted["kinit_udp"]: Still creating... [04m10s elapsed]
aws_security_group_rule.server_https_egress: Still creating... [04m10s elapsed]
aws_security_group_rule.server_http_egress: Still creating... [04m10s elapsed]
aws_security_group_rule.server_ingress_trusted["ldap"]: Still creating... [04m10s elapsed]
aws_security_group_rule.server_ingress_trusted["kpasswd_tcp"]: Still creating... [04m10s elapsed]
aws_security_group_rule.server_egress_self["https"]: Still creating... [04m10s elapsed]
aws_security_group_rule.server_ingress_trusted["http"]: Still creating... [04m10s elapsed]
aws_security_group_rule.server_egress_self["ldaps"]: Still creating... [04m10s elapsed]
aws_security_group_rule.server_egress_self["kpasswd_tcp"]: Still creating... [04m10s elapsed]
aws_security_group_rule.server_ingress_self["kinit_udp"]: Still creating... [04m10s elapsed]
aws_security_group_rule.server_egress_self["https"]: Still creating... [04m20s elapsed]
aws_security_group_rule.server_ingress_trusted["kinit_udp"]: Still creating... [04m20s elapsed]
aws_security_group_rule.server_ingress_trusted["kpasswd_tcp"]: Still creating... [04m20s elapsed]
aws_security_group_rule.server_ingress_trusted["ldap"]: Still creating... [04m20s elapsed]
aws_security_group_rule.server_https_egress: Still creating... [04m20s elapsed]
aws_security_group_rule.server_http_egress: Still creating... [04m20s elapsed]
aws_security_group_rule.server_ingress_trusted["http"]: Still creating... [04m20s elapsed]
aws_security_group_rule.server_egress_self["ldaps"]: Still creating... [04m20s elapsed]
aws_security_group_rule.server_ingress_self["kinit_udp"]: Still creating... [04m20s elapsed]
aws_security_group_rule.server_egress_self["kpasswd_tcp"]: Still creating... [04m20s elapsed]
aws_security_group_rule.server_https_egress: Still creating... [04m30s elapsed]
aws_security_group_rule.server_http_egress: Still creating... [04m30s elapsed]
aws_security_group_rule.server_ingress_trusted["ldap"]: Still creating... [04m30s elapsed]
aws_security_group_rule.server_ingress_trusted["kinit_udp"]: Still creating... [04m30s elapsed]
aws_security_group_rule.server_egress_self["https"]: Still creating... [04m30s elapsed]
aws_security_group_rule.server_ingress_trusted["kpasswd_tcp"]: Still creating... [04m30s elapsed]
aws_security_group_rule.server_egress_self["ldaps"]: Still creating... [04m30s elapsed]
aws_security_group_rule.server_ingress_trusted["http"]: Still creating... [04m30s elapsed]
aws_security_group_rule.server_egress_self["kpasswd_tcp"]: Still creating... [04m30s elapsed]
aws_security_group_rule.server_ingress_self["kinit_udp"]: Still creating... [04m30s elapsed]
aws_security_group_rule.server_ingress_trusted["kpasswd_tcp"]: Still creating... [04m40s elapsed]
aws_security_group_rule.server_ingress_trusted["ldap"]: Still creating... [04m40s elapsed]
aws_security_group_rule.server_https_egress: Still creating... [04m40s elapsed]
aws_security_group_rule.server_egress_self["https"]: Still creating... [04m40s elapsed]
aws_security_group_rule.server_http_egress: Still creating... [04m40s elapsed]
aws_security_group_rule.server_ingress_trusted["kinit_udp"]: Still creating... [04m40s elapsed]
aws_security_group_rule.server_ingress_trusted["http"]: Still creating... [04m40s elapsed]
aws_security_group_rule.server_egress_self["ldaps"]: Still creating... [04m40s elapsed]
aws_security_group_rule.server_ingress_self["kinit_udp"]: Still creating... [04m40s elapsed]
aws_security_group_rule.server_egress_self["kpasswd_tcp"]: Still creating... [04m40s elapsed]
aws_security_group_rule.server_https_egress: Still creating... [04m50s elapsed]
aws_security_group_rule.server_egress_self["https"]: Still creating... [04m50s elapsed]
aws_security_group_rule.server_ingress_trusted["kinit_udp"]: Still creating... [04m50s elapsed]
aws_security_group_rule.server_http_egress: Still creating... [04m50s elapsed]
aws_security_group_rule.server_ingress_trusted["ldap"]: Still creating... [04m50s elapsed]
aws_security_group_rule.server_ingress_trusted["kpasswd_tcp"]: Still creating... [04m50s elapsed]
aws_security_group_rule.server_egress_self["ldaps"]: Still creating... [04m50s elapsed]
aws_security_group_rule.server_ingress_trusted["http"]: Still creating... [04m50s elapsed]
aws_security_group_rule.server_ingress_self["kinit_udp"]: Still creating... [04m50s elapsed]
aws_security_group_rule.server_egress_self["kpasswd_tcp"]: Still creating... [04m50s elapsed]
aws_security_group_rule.server_ingress_trusted["kinit_udp"]: Still creating... [05m00s elapsed]
aws_security_group_rule.server_ingress_trusted["ldap"]: Still creating... [05m00s elapsed]
aws_security_group_rule.server_https_egress: Still creating... [05m00s elapsed]
aws_security_group_rule.server_http_egress: Still creating... [05m00s elapsed]
aws_security_group_rule.server_egress_self["https"]: Still creating... [05m00s elapsed]
aws_security_group_rule.server_ingress_trusted["kpasswd_tcp"]: Still creating... [05m00s elapsed]
aws_security_group_rule.server_ingress_trusted["http"]: Still creating... [05m00s elapsed]
aws_security_group_rule.server_egress_self["ldaps"]: Still creating... [05m00s elapsed]
aws_security_group_rule.server_ingress_trusted["kinit_tcp"]: Creating...
aws_security_group_rule.server_ingress_self["kinit_udp"]: Still creating... [05m00s elapsed]
aws_security_group_rule.server_egress_self["kpasswd_tcp"]: Still creating... [05m00s elapsed]
aws_security_group_rule.server_http_egress: Creation complete after 5m0s [id=sgrule-2245188596]
aws_security_group_rule.server_ingress_trusted["https"]: Creating...
aws_security_group_rule.server_ingress_trusted["kpasswd_tcp"]: Creation complete after 5m0s [id=sgrule-2279223564]
aws_security_group_rule.server_egress_self["kpasswd_udp"]: Creating...
aws_security_group_rule.server_egress_self["https"]: Still creating... [05m10s elapsed]
aws_security_group_rule.server_ingress_trusted["kinit_udp"]: Still creating... [05m10s elapsed]
aws_security_group_rule.server_https_egress: Still creating... [05m10s elapsed]
aws_security_group_rule.server_egress_self["ldaps"]: Still creating... [05m10s elapsed]
aws_security_group_rule.server_ingress_trusted["http"]: Still creating... [05m10s elapsed]
aws_security_group_rule.server_ingress_trusted["kinit_tcp"]: Still creating... [00m10s elapsed]
aws_security_group_rule.server_ingress_self["kinit_udp"]: Still creating... [05m10s elapsed]
aws_security_group_rule.server_egress_self["kpasswd_tcp"]: Still creating... [05m10s elapsed]
aws_security_group_rule.server_ingress_trusted["https"]: Still creating... [00m10s elapsed]
aws_security_group_rule.server_egress_self["kpasswd_udp"]: Still creating... [00m10s elapsed]
aws_security_group_rule.server_ingress_trusted["kinit_udp"]: Still creating... [05m20s elapsed]
aws_security_group_rule.server_egress_self["https"]: Still creating... [05m20s elapsed]
aws_security_group_rule.server_https_egress: Still creating... [05m20s elapsed]
aws_security_group_rule.server_ingress_trusted["http"]: Still creating... [05m20s elapsed]
aws_security_group_rule.server_egress_self["ldaps"]: Still creating... [05m20s elapsed]
aws_security_group_rule.server_ingress_trusted["kinit_tcp"]: Still creating... [00m20s elapsed]
aws_security_group_rule.server_egress_self["kpasswd_tcp"]: Still creating... [05m20s elapsed]
aws_security_group_rule.server_ingress_self["kinit_udp"]: Still creating... [05m20s elapsed]
aws_security_group_rule.server_ingress_trusted["https"]: Still creating... [00m20s elapsed]
aws_security_group_rule.server_egress_self["kpasswd_udp"]: Still creating... [00m20s elapsed]
aws_security_group_rule.server_https_egress: Still creating... [05m30s elapsed]
aws_security_group_rule.server_egress_self["https"]: Still creating... [05m30s elapsed]
aws_security_group_rule.server_ingress_trusted["kinit_udp"]: Still creating... [05m30s elapsed]
aws_security_group_rule.server_egress_self["ldaps"]: Still creating... [05m30s elapsed]
aws_security_group_rule.server_ingress_trusted["http"]: Still creating... [05m30s elapsed]
aws_security_group_rule.server_ingress_trusted["kinit_tcp"]: Still creating... [00m30s elapsed]
aws_security_group_rule.server_ingress_self["kinit_udp"]: Still creating... [05m30s elapsed]
aws_security_group_rule.server_egress_self["kpasswd_tcp"]: Still creating... [05m30s elapsed]
aws_security_group_rule.server_ingress_trusted["https"]: Still creating... [00m30s elapsed]
aws_security_group_rule.server_egress_self["kpasswd_udp"]: Still creating... [00m30s elapsed]
aws_security_group_rule.server_ingress_trusted["kinit_udp"]: Still creating... [05m40s elapsed]
aws_security_group_rule.server_egress_self["https"]: Still creating... [05m40s elapsed]
aws_security_group_rule.server_https_egress: Still creating... [05m40s elapsed]
aws_security_group_rule.server_ingress_trusted["http"]: Still creating... [05m40s elapsed]
aws_security_group_rule.server_egress_self["ldaps"]: Still creating... [05m40s elapsed]
aws_security_group_rule.server_ingress_trusted["kinit_tcp"]: Still creating... [00m40s elapsed]
aws_security_group_rule.server_ingress_self["kinit_udp"]: Still creating... [05m40s elapsed]
aws_security_group_rule.server_egress_self["kpasswd_tcp"]: Still creating... [05m40s elapsed]
aws_security_group_rule.server_ingress_trusted["https"]: Still creating... [00m40s elapsed]
aws_security_group_rule.server_egress_self["kpasswd_udp"]: Still creating... [00m40s elapsed]
aws_security_group_rule.server_https_egress: Still creating... [05m50s elapsed]
aws_security_group_rule.server_egress_self["https"]: Still creating... [05m50s elapsed]
aws_security_group_rule.server_ingress_trusted["kinit_udp"]: Still creating... [05m50s elapsed]
aws_security_group_rule.server_egress_self["ldaps"]: Still creating... [05m50s elapsed]
aws_security_group_rule.server_ingress_trusted["http"]: Still creating... [05m50s elapsed]
aws_security_group_rule.server_ingress_trusted["kinit_tcp"]: Still creating... [00m50s elapsed]
aws_security_group_rule.server_ingress_self["kinit_udp"]: Still creating... [05m50s elapsed]
aws_security_group_rule.server_egress_self["kpasswd_tcp"]: Still creating... [05m50s elapsed]
aws_security_group_rule.server_ingress_trusted["https"]: Still creating... [00m50s elapsed]
aws_security_group_rule.server_egress_self["kpasswd_udp"]: Still creating... [00m50s elapsed]
aws_security_group_rule.server_egress_self["https"]: Still creating... [06m00s elapsed]
aws_security_group_rule.server_ingress_trusted["kinit_udp"]: Still creating... [06m00s elapsed]
aws_security_group_rule.server_https_egress: Still creating... [06m00s elapsed]
aws_security_group_rule.server_ingress_trusted["http"]: Still creating... [06m00s elapsed]
aws_security_group_rule.server_egress_self["ldaps"]: Still creating... [06m00s elapsed]
aws_security_group_rule.server_ingress_trusted["kinit_tcp"]: Still creating... [01m00s elapsed]
aws_security_group_rule.server_ingress_self["kinit_udp"]: Still creating... [06m00s elapsed]
aws_security_group_rule.server_egress_self["kpasswd_tcp"]: Still creating... [06m00s elapsed]
aws_security_group_rule.server_ingress_trusted["https"]: Still creating... [01m00s elapsed]
aws_security_group_rule.server_egress_self["kpasswd_udp"]: Still creating... [01m00s elapsed]
aws_security_group_rule.server_egress_self["https"]: Still creating... [06m10s elapsed]
aws_security_group_rule.server_https_egress: Still creating... [06m10s elapsed]
aws_security_group_rule.server_ingress_trusted["http"]: Still creating... [06m10s elapsed]
aws_security_group_rule.server_egress_self["ldaps"]: Still creating... [06m10s elapsed]
aws_security_group_rule.server_ingress_trusted["kinit_udp"]: Still creating... [06m10s elapsed]
aws_security_group_rule.server_ingress_trusted["kinit_tcp"]: Still creating... [01m10s elapsed]
aws_security_group_rule.server_egress_self["kpasswd_tcp"]: Still creating... [06m10s elapsed]
aws_security_group_rule.server_ingress_self["kinit_udp"]: Still creating... [06m10s elapsed]
aws_security_group_rule.server_ingress_trusted["https"]: Still creating... [01m10s elapsed]
aws_security_group_rule.server_egress_self["kpasswd_udp"]: Still creating... [01m10s elapsed]
aws_security_group_rule.server_egress_self["ldaps"]: Still creating... [06m20s elapsed]
aws_security_group_rule.server_ingress_trusted["kinit_udp"]: Still creating... [06m20s elapsed]
aws_security_group_rule.server_egress_self["https"]: Still creating... [06m20s elapsed]
aws_security_group_rule.server_https_egress: Still creating... [06m20s elapsed]
aws_security_group_rule.server_ingress_trusted["http"]: Still creating... [06m20s elapsed]
aws_security_group_rule.server_ingress_trusted["kinit_tcp"]: Still creating... [01m20s elapsed]
aws_security_group_rule.server_ingress_self["kinit_udp"]: Still creating... [06m20s elapsed]
aws_security_group_rule.server_egress_self["kpasswd_tcp"]: Still creating... [06m20s elapsed]
aws_security_group_rule.server_ingress_trusted["https"]: Still creating... [01m20s elapsed]
aws_security_group_rule.server_egress_self["kpasswd_udp"]: Still creating... [01m20s elapsed]
aws_security_group_rule.server_https_egress: Still creating... [06m30s elapsed]
aws_security_group_rule.server_egress_self["https"]: Still creating... [06m30s elapsed]
aws_security_group_rule.server_ingress_trusted["kinit_udp"]: Still creating... [06m30s elapsed]
aws_security_group_rule.server_ingress_trusted["kinit_tcp"]: Still creating... [01m30s elapsed]
aws_security_group_rule.server_egress_self["ldaps"]: Still creating... [06m30s elapsed]
aws_security_group_rule.server_ingress_trusted["http"]: Still creating... [06m30s elapsed]
aws_security_group_rule.server_ingress_self["kinit_udp"]: Still creating... [06m30s elapsed]
aws_security_group_rule.server_egress_self["kpasswd_tcp"]: Still creating... [06m30s elapsed]
aws_security_group_rule.server_ingress_trusted["https"]: Still creating... [01m30s elapsed]
aws_security_group_rule.server_egress_self["kpasswd_udp"]: Still creating... [01m30s elapsed]
aws_security_group_rule.server_https_egress: Still creating... [06m40s elapsed]
aws_security_group_rule.server_ingress_trusted["kinit_tcp"]: Still creating... [01m40s elapsed]
aws_security_group_rule.server_egress_self["ldaps"]: Still creating... [06m40s elapsed]
aws_security_group_rule.server_ingress_trusted["http"]: Still creating... [06m40s elapsed]
aws_security_group_rule.server_ingress_trusted["kinit_udp"]: Still creating... [06m40s elapsed]
aws_security_group_rule.server_egress_self["https"]: Still creating... [06m40s elapsed]
aws_security_group_rule.server_egress_self["kpasswd_tcp"]: Still creating... [06m40s elapsed]
aws_security_group_rule.server_ingress_self["kinit_udp"]: Still creating... [06m40s elapsed]
aws_security_group_rule.server_ingress_trusted["https"]: Still creating... [01m40s elapsed]
aws_security_group_rule.server_egress_self["kpasswd_udp"]: Still creating... [01m40s elapsed]
aws_security_group_rule.server_https_egress: Still creating... [06m50s elapsed]
aws_security_group_rule.server_egress_self["ldaps"]: Still creating... [06m50s elapsed]
aws_security_group_rule.server_egress_self["https"]: Still creating... [06m50s elapsed]
aws_security_group_rule.server_ingress_trusted["kinit_udp"]: Still creating... [06m50s elapsed]
aws_security_group_rule.server_ingress_trusted["http"]: Still creating... [06m50s elapsed]
aws_security_group_rule.server_ingress_trusted["kinit_tcp"]: Still creating... [01m50s elapsed]
aws_security_group_rule.server_egress_self["kpasswd_tcp"]: Still creating... [06m50s elapsed]
aws_security_group_rule.server_ingress_self["kinit_udp"]: Still creating... [06m50s elapsed]
aws_security_group_rule.server_ingress_trusted["https"]: Still creating... [01m50s elapsed]
aws_security_group_rule.server_egress_self["kpasswd_udp"]: Still creating... [01m50s elapsed]
aws_security_group_rule.server_ingress_trusted["http"]: Still creating... [07m00s elapsed]
aws_security_group_rule.server_ingress_trusted["kinit_tcp"]: Still creating... [02m00s elapsed]
aws_security_group_rule.server_egress_self["ldaps"]: Still creating... [07m00s elapsed]
aws_security_group_rule.server_ingress_trusted["kinit_udp"]: Still creating... [07m00s elapsed]
aws_security_group_rule.server_egress_self["https"]: Still creating... [07m00s elapsed]
aws_security_group_rule.server_https_egress: Still creating... [07m00s elapsed]
aws_security_group_rule.server_ingress_self["kinit_udp"]: Still creating... [07m00s elapsed]
aws_security_group_rule.server_egress_self["kpasswd_tcp"]: Still creating... [07m00s elapsed]
aws_security_group_rule.server_ingress_trusted["https"]: Still creating... [02m00s elapsed]
aws_security_group_rule.server_egress_self["kpasswd_udp"]: Still creating... [02m00s elapsed]
aws_security_group_rule.server_egress_self["ldaps"]: Still creating... [07m10s elapsed]
aws_security_group_rule.server_ingress_trusted["kinit_udp"]: Still creating... [07m10s elapsed]
aws_security_group_rule.server_ingress_trusted["kinit_tcp"]: Still creating... [02m10s elapsed]
aws_security_group_rule.server_ingress_trusted["http"]: Still creating... [07m10s elapsed]
aws_security_group_rule.server_https_egress: Still creating... [07m10s elapsed]
aws_security_group_rule.server_egress_self["https"]: Still creating... [07m10s elapsed]
aws_security_group_rule.server_ingress_trusted["https"]: Still creating... [02m10s elapsed]
aws_security_group_rule.server_egress_self["kpasswd_tcp"]: Still creating... [07m10s elapsed]
aws_security_group_rule.server_ingress_self["kinit_udp"]: Still creating... [07m10s elapsed]
aws_security_group_rule.server_egress_self["kpasswd_udp"]: Still creating... [02m10s elapsed]
aws_security_group_rule.server_ingress_trusted["kinit_tcp"]: Still creating... [02m20s elapsed]
aws_security_group_rule.server_ingress_trusted["http"]: Still creating... [07m20s elapsed]
aws_security_group_rule.server_egress_self["https"]: Still creating... [07m20s elapsed]
aws_security_group_rule.server_https_egress: Still creating... [07m20s elapsed]
aws_security_group_rule.server_egress_self["ldaps"]: Still creating... [07m20s elapsed]
aws_security_group_rule.server_ingress_trusted["kinit_udp"]: Still creating... [07m20s elapsed]
aws_security_group_rule.server_ingress_self["kinit_udp"]: Still creating... [07m20s elapsed]
aws_security_group_rule.server_egress_self["kpasswd_tcp"]: Still creating... [07m20s elapsed]
aws_security_group_rule.server_ingress_trusted["https"]: Still creating... [02m20s elapsed]
aws_security_group_rule.server_egress_self["kpasswd_udp"]: Still creating... [02m20s elapsed]
aws_security_group_rule.server_egress_self["ldaps"]: Still creating... [07m30s elapsed]
aws_security_group_rule.server_ingress_trusted["kinit_udp"]: Still creating... [07m30s elapsed]
aws_security_group_rule.server_ingress_trusted["http"]: Still creating... [07m30s elapsed]
aws_security_group_rule.server_egress_self["https"]: Still creating... [07m30s elapsed]
aws_security_group_rule.server_ingress_trusted["kinit_tcp"]: Still creating... [02m30s elapsed]
aws_security_group_rule.server_https_egress: Still creating... [07m30s elapsed]
aws_security_group_rule.server_egress_self["kpasswd_tcp"]: Still creating... [07m30s elapsed]
aws_security_group_rule.server_ingress_self["kinit_udp"]: Still creating... [07m30s elapsed]
aws_security_group_rule.server_ingress_trusted["https"]: Still creating... [02m30s elapsed]
aws_security_group_rule.server_egress_self["kpasswd_udp"]: Still creating... [02m30s elapsed]
aws_security_group_rule.server_https_egress: Still creating... [07m40s elapsed]
aws_security_group_rule.server_ingress_trusted["kinit_tcp"]: Still creating... [02m40s elapsed]
aws_security_group_rule.server_egress_self["https"]: Still creating... [07m40s elapsed]
aws_security_group_rule.server_ingress_trusted["http"]: Still creating... [07m40s elapsed]
aws_security_group_rule.server_ingress_trusted["kinit_udp"]: Still creating... [07m40s elapsed]
aws_security_group_rule.server_egress_self["ldaps"]: Still creating... [07m40s elapsed]
aws_security_group_rule.server_ingress_self["kinit_udp"]: Still creating... [07m40s elapsed]
aws_security_group_rule.server_egress_self["kpasswd_tcp"]: Still creating... [07m40s elapsed]
aws_security_group_rule.server_ingress_trusted["https"]: Still creating... [02m40s elapsed]
aws_security_group_rule.server_egress_self["kpasswd_udp"]: Still creating... [02m40s elapsed]
aws_security_group_rule.server_egress_self["ldaps"]: Still creating... [07m50s elapsed]
aws_security_group_rule.server_ingress_trusted["kinit_tcp"]: Still creating... [02m50s elapsed]
aws_security_group_rule.server_egress_self["https"]: Still creating... [07m50s elapsed]
aws_security_group_rule.server_ingress_trusted["kinit_udp"]: Still creating... [07m50s elapsed]
aws_security_group_rule.server_ingress_trusted["http"]: Still creating... [07m50s elapsed]
aws_security_group_rule.server_https_egress: Still creating... [07m50s elapsed]
aws_security_group_rule.server_egress_self["kpasswd_tcp"]: Still creating... [07m50s elapsed]
aws_security_group_rule.server_ingress_trusted["https"]: Still creating... [02m50s elapsed]
aws_security_group_rule.server_ingress_self["kinit_udp"]: Still creating... [07m50s elapsed]
aws_security_group_rule.server_egress_self["kpasswd_udp"]: Still creating... [02m50s elapsed]
aws_security_group_rule.server_ingress_trusted["kinit_tcp"]: Still creating... [03m00s elapsed]
aws_security_group_rule.server_ingress_trusted["http"]: Still creating... [08m00s elapsed]
aws_security_group_rule.server_egress_self["https"]: Still creating... [08m00s elapsed]
aws_security_group_rule.server_ingress_trusted["kinit_udp"]: Still creating... [08m00s elapsed]
aws_security_group_rule.server_egress_self["ldaps"]: Still creating... [08m00s elapsed]
aws_security_group_rule.server_https_egress: Still creating... [08m00s elapsed]
aws_security_group_rule.server_ingress_self["kinit_udp"]: Still creating... [08m00s elapsed]
aws_security_group_rule.server_ingress_trusted["https"]: Still creating... [03m00s elapsed]
aws_security_group_rule.server_egress_self["kpasswd_tcp"]: Still creating... [08m00s elapsed]
aws_security_group_rule.server_egress_self["kpasswd_udp"]: Still creating... [03m00s elapsed]
aws_security_group_rule.server_https_egress: Still creating... [08m10s elapsed]
aws_security_group_rule.server_egress_self["ldaps"]: Still creating... [08m10s elapsed]
aws_security_group_rule.server_ingress_trusted["http"]: Still creating... [08m10s elapsed]
aws_security_group_rule.server_ingress_trusted["kinit_tcp"]: Still creating... [03m10s elapsed]
aws_security_group_rule.server_ingress_trusted["kinit_udp"]: Still creating... [08m10s elapsed]
aws_security_group_rule.server_egress_self["https"]: Still creating... [08m10s elapsed]
aws_security_group_rule.server_ingress_trusted["https"]: Still creating... [03m10s elapsed]
aws_security_group_rule.server_egress_self["kpasswd_tcp"]: Still creating... [08m10s elapsed]
aws_security_group_rule.server_ingress_self["kinit_udp"]: Still creating... [08m10s elapsed]
aws_security_group_rule.server_egress_self["kpasswd_udp"]: Still creating... [03m10s elapsed]
aws_security_group_rule.server_ingress_trusted["kinit_udp"]: Still creating... [08m20s elapsed]
aws_security_group_rule.server_egress_self["https"]: Still creating... [08m20s elapsed]
aws_security_group_rule.server_ingress_trusted["http"]: Still creating... [08m20s elapsed]
aws_security_group_rule.server_ingress_trusted["kinit_tcp"]: Still creating... [03m20s elapsed]
aws_security_group_rule.server_https_egress: Still creating... [08m20s elapsed]
aws_security_group_rule.server_egress_self["ldaps"]: Still creating... [08m20s elapsed]
aws_security_group_rule.server_egress_self["kpasswd_tcp"]: Still creating... [08m20s elapsed]
aws_security_group_rule.server_ingress_trusted["https"]: Still creating... [03m20s elapsed]
aws_security_group_rule.server_ingress_self["kinit_udp"]: Still creating... [08m20s elapsed]
aws_security_group_rule.server_egress_self["kpasswd_udp"]: Still creating... [03m20s elapsed]
aws_security_group_rule.server_egress_self["ldaps"]: Still creating... [08m30s elapsed]
aws_security_group_rule.server_ingress_trusted["http"]: Still creating... [08m30s elapsed]
aws_security_group_rule.server_https_egress: Still creating... [08m30s elapsed]
aws_security_group_rule.server_ingress_trusted["kinit_tcp"]: Still creating... [03m30s elapsed]
aws_security_group_rule.server_egress_self["https"]: Still creating... [08m30s elapsed]
aws_security_group_rule.server_ingress_trusted["kinit_udp"]: Still creating... [08m30s elapsed]
aws_security_group_rule.server_ingress_self["kinit_udp"]: Still creating... [08m30s elapsed]
aws_security_group_rule.server_egress_self["kpasswd_tcp"]: Still creating... [08m30s elapsed]
aws_security_group_rule.server_ingress_trusted["https"]: Still creating... [03m30s elapsed]
aws_security_group_rule.server_egress_self["kpasswd_udp"]: Still creating... [03m30s elapsed]
aws_security_group_rule.server_ingress_trusted["kinit_udp"]: Still creating... [08m40s elapsed]
aws_security_group_rule.server_https_egress: Still creating... [08m40s elapsed]
aws_security_group_rule.server_egress_self["ldaps"]: Still creating... [08m40s elapsed]
aws_security_group_rule.server_ingress_trusted["kinit_tcp"]: Still creating... [03m40s elapsed]
aws_security_group_rule.server_ingress_trusted["http"]: Still creating... [08m40s elapsed]
aws_security_group_rule.server_egress_self["https"]: Still creating... [08m40s elapsed]
aws_security_group_rule.server_ingress_trusted["https"]: Still creating... [03m40s elapsed]
aws_security_group_rule.server_ingress_self["kinit_udp"]: Still creating... [08m40s elapsed]
aws_security_group_rule.server_egress_self["kpasswd_tcp"]: Still creating... [08m40s elapsed]
aws_security_group_rule.server_egress_self["kpasswd_udp"]: Still creating... [03m40s elapsed]
aws_security_group_rule.server_egress_self["kpasswd_tcp"]: Still creating... [08m50s elapsed]
aws_security_group_rule.server_ingress_trusted["kinit_tcp"]: Still creating... [03m50s elapsed]
aws_security_group_rule.server_ingress_trusted["https"]: Still creating... [03m50s elapsed]
aws_security_group_rule.server_https_egress: Still creating... [08m50s elapsed]
aws_security_group_rule.server_ingress_trusted["http"]: Still creating... [08m50s elapsed]
aws_security_group_rule.server_ingress_trusted["kinit_udp"]: Still creating... [08m50s elapsed]
aws_security_group_rule.server_egress_self["ldaps"]: Still creating... [08m50s elapsed]
aws_security_group_rule.server_egress_self["https"]: Still creating... [08m50s elapsed]
aws_security_group_rule.server_ingress_self["kinit_udp"]: Still creating... [08m50s elapsed]
aws_security_group_rule.server_egress_self["kpasswd_udp"]: Still creating... [03m50s elapsed]
aws_security_group_rule.server_ingress_self["kinit_udp"]: Still creating... [09m00s elapsed]
aws_security_group_rule.server_egress_self["https"]: Still creating... [09m00s elapsed]
aws_security_group_rule.server_https_egress: Still creating... [09m00s elapsed]
aws_security_group_rule.server_ingress_trusted["kinit_udp"]: Still creating... [09m00s elapsed]
aws_security_group_rule.server_ingress_trusted["kinit_tcp"]: Still creating... [04m00s elapsed]
aws_security_group_rule.server_ingress_trusted["https"]: Still creating... [04m00s elapsed]
aws_security_group_rule.server_egress_self["kpasswd_tcp"]: Still creating... [09m00s elapsed]
aws_security_group_rule.server_egress_self["ldaps"]: Still creating... [09m00s elapsed]
aws_security_group_rule.server_ingress_trusted["http"]: Still creating... [09m00s elapsed]
aws_security_group_rule.server_egress_self["kpasswd_udp"]: Still creating... [04m00s elapsed]
aws_security_group_rule.server_egress_self["kpasswd_tcp"]: Still creating... [09m10s elapsed]
aws_security_group_rule.server_ingress_self["kinit_udp"]: Still creating... [09m10s elapsed]
aws_security_group_rule.server_egress_self["ldaps"]: Still creating... [09m10s elapsed]
aws_security_group_rule.server_ingress_trusted["http"]: Still creating... [09m10s elapsed]
aws_security_group_rule.server_egress_self["https"]: Still creating... [09m10s elapsed]
aws_security_group_rule.server_ingress_trusted["kinit_udp"]: Still creating... [09m10s elapsed]
aws_security_group_rule.server_ingress_trusted["kinit_tcp"]: Still creating... [04m10s elapsed]
aws_security_group_rule.server_https_egress: Still creating... [09m10s elapsed]
aws_security_group_rule.server_ingress_trusted["https"]: Still creating... [04m10s elapsed]
aws_security_group_rule.server_egress_self["kpasswd_udp"]: Still creating... [04m10s elapsed]
aws_security_group_rule.server_egress_self["ldaps"]: Still creating... [09m20s elapsed]
aws_security_group_rule.server_ingress_trusted["https"]: Still creating... [04m20s elapsed]
aws_security_group_rule.server_https_egress: Still creating... [09m20s elapsed]
aws_security_group_rule.server_ingress_self["kinit_udp"]: Still creating... [09m20s elapsed]
aws_security_group_rule.server_egress_self["kpasswd_tcp"]: Still creating... [09m20s elapsed]
aws_security_group_rule.server_ingress_trusted["http"]: Still creating... [09m20s elapsed]
aws_security_group_rule.server_egress_self["https"]: Still creating... [09m20s elapsed]
aws_security_group_rule.server_ingress_trusted["kinit_udp"]: Still creating... [09m20s elapsed]
aws_security_group_rule.server_ingress_trusted["kinit_tcp"]: Still creating... [04m20s elapsed]
aws_security_group_rule.server_egress_self["kpasswd_udp"]: Still creating... [04m20s elapsed]
aws_security_group_rule.server_ingress_trusted["https"]: Still creating... [04m30s elapsed]
aws_security_group_rule.server_egress_self["https"]: Still creating... [09m30s elapsed]
aws_security_group_rule.server_ingress_trusted["kinit_udp"]: Still creating... [09m30s elapsed]
aws_security_group_rule.server_egress_self["ldaps"]: Still creating... [09m30s elapsed]
aws_security_group_rule.server_ingress_trusted["kinit_tcp"]: Still creating... [04m30s elapsed]
aws_security_group_rule.server_ingress_trusted["http"]: Still creating... [09m30s elapsed]
aws_security_group_rule.server_ingress_self["kinit_udp"]: Still creating... [09m30s elapsed]
aws_security_group_rule.server_egress_self["kpasswd_tcp"]: Still creating... [09m30s elapsed]
aws_security_group_rule.server_https_egress: Still creating... [09m30s elapsed]
aws_security_group_rule.server_egress_self["kpasswd_udp"]: Still creating... [04m30s elapsed]
aws_security_group_rule.server_egress_self["kpasswd_tcp"]: Still creating... [09m40s elapsed]
aws_security_group_rule.server_ingress_trusted["kinit_tcp"]: Still creating... [04m40s elapsed]
aws_security_group_rule.server_ingress_trusted["http"]: Still creating... [09m40s elapsed]
aws_security_group_rule.server_ingress_trusted["kinit_udp"]: Still creating... [09m40s elapsed]
aws_security_group_rule.server_ingress_trusted["https"]: Still creating... [04m40s elapsed]
aws_security_group_rule.server_egress_self["ldaps"]: Still creating... [09m40s elapsed]
aws_security_group_rule.server_https_egress: Still creating... [09m40s elapsed]
aws_security_group_rule.server_egress_self["https"]: Still creating... [09m40s elapsed]
aws_security_group_rule.server_ingress_self["kinit_udp"]: Still creating... [09m40s elapsed]
aws_security_group_rule.server_egress_self["kpasswd_udp"]: Still creating... [04m40s elapsed]
aws_security_group_rule.server_egress_self["https"]: Still creating... [09m50s elapsed]
aws_security_group_rule.server_ingress_self["kinit_udp"]: Still creating... [09m50s elapsed]
aws_security_group_rule.server_egress_self["kpasswd_tcp"]: Still creating... [09m50s elapsed]
aws_security_group_rule.server_https_egress: Still creating... [09m50s elapsed]
aws_security_group_rule.server_ingress_trusted["https"]: Still creating... [04m50s elapsed]
aws_security_group_rule.server_egress_self["ldaps"]: Still creating... [09m50s elapsed]
aws_security_group_rule.server_ingress_trusted["http"]: Still creating... [09m50s elapsed]
aws_security_group_rule.server_ingress_trusted["kinit_udp"]: Still creating... [09m50s elapsed]
aws_security_group_rule.server_ingress_trusted["kinit_tcp"]: Still creating... [04m50s elapsed]
aws_security_group_rule.server_egress_self["kpasswd_udp"]: Still creating... [04m50s elapsed]
aws_security_group_rule.server_egress_self["kinit_tcp"]: Creating...
aws_security_group_rule.server_egress_self["https"]: Creation complete after 10m0s [id=sgrule-202899027]
aws_security_group_rule.server_ingress_trusted["https"]: Still creating... [05m00s elapsed]
aws_security_group_rule.server_egress_self["kpasswd_tcp"]: Still creating... [10m00s elapsed]
aws_security_group_rule.server_https_egress: Still creating... [10m00s elapsed]
aws_security_group_rule.server_ingress_trusted["http"]: Still creating... [10m00s elapsed]
aws_security_group_rule.server_egress_self["ldaps"]: Still creating... [10m00s elapsed]
aws_security_group_rule.server_ingress_self["kinit_udp"]: Still creating... [10m00s elapsed]
aws_security_group_rule.server_ingress_trusted["kinit_tcp"]: Still creating... [05m00s elapsed]
aws_security_group_rule.client_egress["kinit_udp"]: Creating...
aws_security_group_rule.server_https_egress: Creation complete after 10m0s [id=sgrule-2562145546]
aws_security_group_rule.client_egress["ldap"]: Creating...
aws_security_group_rule.client_egress["kinit_udp"]: Creation complete after 0s [id=sgrule-2073449118]
aws_security_group_rule.server_egress_self["kpasswd_udp"]: Still creating... [05m00s elapsed]
aws_security_group_rule.server_egress_self["ldaps"]: Creation complete after 10m0s [id=sgrule-2475509303]
aws_security_group_rule.server_ingress_self["kinit_tcp"]: Creating...
aws_security_group_rule.client_egress["kpasswd_udp"]: Creating...
aws_security_group_rule.client_egress["ldap"]: Creation complete after 0s [id=sgrule-1804307281]
aws_security_group_rule.server_ingress_self["ldap"]: Creating...
aws_security_group_rule.client_egress["kpasswd_udp"]: Creation complete after 0s [id=sgrule-2298982105]
aws_security_group_rule.client_egress["kpasswd_tcp"]: Creating...
aws_security_group_rule.client_egress["kpasswd_tcp"]: Creation complete after 0s [id=sgrule-123743423]
aws_security_group_rule.client_egress["https"]: Creating...
aws_security_group_rule.client_egress["https"]: Creation complete after 0s [id=sgrule-1116731582]
aws_security_group_rule.client_egress["ldaps"]: Creating...
aws_security_group_rule.client_egress["ldaps"]: Creation complete after 0s [id=sgrule-3709157594]
aws_security_group_rule.server_ingress_self["http"]: Creating...
aws_security_group_rule.server_egress_self["kinit_tcp"]: Still creating... [00m10s elapsed]
aws_security_group_rule.server_ingress_trusted["http"]: Still creating... [10m10s elapsed]
aws_security_group_rule.server_ingress_trusted["https"]: Still creating... [05m10s elapsed]
aws_security_group_rule.server_ingress_self["kinit_udp"]: Still creating... [10m10s elapsed]
aws_security_group_rule.server_egress_self["kpasswd_tcp"]: Still creating... [10m10s elapsed]
aws_security_group_rule.server_ingress_trusted["kinit_tcp"]: Still creating... [05m10s elapsed]
aws_security_group_rule.server_egress_self["kpasswd_udp"]: Still creating... [05m10s elapsed]
aws_security_group_rule.server_ingress_self["kinit_tcp"]: Still creating... [00m10s elapsed]
aws_security_group_rule.server_ingress_self["ldap"]: Still creating... [00m10s elapsed]
aws_security_group_rule.server_ingress_self["http"]: Still creating... [00m10s elapsed]
aws_security_group_rule.server_egress_self["kinit_tcp"]: Still creating... [00m20s elapsed]
aws_security_group_rule.server_ingress_self["kinit_udp"]: Still creating... [10m20s elapsed]
aws_security_group_rule.server_ingress_trusted["kinit_tcp"]: Still creating... [05m20s elapsed]
aws_security_group_rule.server_egress_self["kpasswd_tcp"]: Still creating... [10m20s elapsed]
aws_security_group_rule.server_ingress_trusted["https"]: Still creating... [05m20s elapsed]
aws_security_group_rule.server_ingress_trusted["http"]: Still creating... [10m20s elapsed]
aws_security_group_rule.server_egress_self["kpasswd_udp"]: Still creating... [05m20s elapsed]
aws_security_group_rule.server_ingress_self["kinit_tcp"]: Still creating... [00m20s elapsed]
aws_security_group_rule.server_ingress_self["ldap"]: Still creating... [00m20s elapsed]
aws_security_group_rule.server_ingress_self["http"]: Still creating... [00m20s elapsed]
aws_security_group_rule.server_egress_self["kpasswd_tcp"]: Still creating... [10m30s elapsed]
aws_security_group_rule.server_ingress_trusted["http"]: Still creating... [10m30s elapsed]
aws_security_group_rule.server_ingress_trusted["kinit_tcp"]: Still creating... [05m30s elapsed]
aws_security_group_rule.server_ingress_self["kinit_udp"]: Still creating... [10m30s elapsed]
aws_security_group_rule.server_egress_self["kinit_tcp"]: Still creating... [00m30s elapsed]
aws_security_group_rule.server_ingress_trusted["https"]: Still creating... [05m30s elapsed]
aws_security_group_rule.server_egress_self["kpasswd_udp"]: Still creating... [05m30s elapsed]
aws_security_group_rule.server_ingress_self["kinit_tcp"]: Still creating... [00m30s elapsed]
aws_security_group_rule.server_ingress_self["ldap"]: Still creating... [00m30s elapsed]
aws_security_group_rule.server_ingress_self["http"]: Still creating... [00m30s elapsed]
aws_security_group_rule.server_ingress_trusted["https"]: Still creating... [05m40s elapsed]
aws_security_group_rule.server_ingress_self["kinit_udp"]: Still creating... [10m40s elapsed]
aws_security_group_rule.server_ingress_trusted["kinit_tcp"]: Still creating... [05m40s elapsed]
aws_security_group_rule.server_egress_self["kpasswd_tcp"]: Still creating... [10m40s elapsed]
aws_security_group_rule.server_ingress_trusted["http"]: Still creating... [10m40s elapsed]
aws_security_group_rule.server_egress_self["kinit_tcp"]: Still creating... [00m40s elapsed]
aws_security_group_rule.server_egress_self["kpasswd_udp"]: Still creating... [05m40s elapsed]
aws_security_group_rule.server_ingress_self["kinit_tcp"]: Still creating... [00m40s elapsed]
aws_security_group_rule.server_ingress_self["ldap"]: Still creating... [00m40s elapsed]
aws_security_group_rule.server_ingress_self["http"]: Still creating... [00m40s elapsed]
aws_security_group_rule.server_egress_self["kinit_tcp"]: Still creating... [00m50s elapsed]
aws_security_group_rule.server_ingress_trusted["http"]: Still creating... [10m50s elapsed]
aws_security_group_rule.server_ingress_trusted["kinit_tcp"]: Still creating... [05m50s elapsed]
aws_security_group_rule.server_egress_self["kpasswd_tcp"]: Still creating... [10m50s elapsed]
aws_security_group_rule.server_ingress_self["kinit_udp"]: Still creating... [10m50s elapsed]
aws_security_group_rule.server_ingress_trusted["https"]: Still creating... [05m50s elapsed]
aws_security_group_rule.server_egress_self["kpasswd_udp"]: Still creating... [05m50s elapsed]
aws_security_group_rule.server_ingress_self["kinit_tcp"]: Still creating... [00m50s elapsed]
aws_security_group_rule.server_ingress_self["ldap"]: Still creating... [00m50s elapsed]
aws_security_group_rule.server_ingress_self["http"]: Still creating... [00m50s elapsed]
aws_security_group_rule.server_ingress_trusted["https"]: Still creating... [06m00s elapsed]
aws_security_group_rule.server_egress_self["kinit_tcp"]: Still creating... [01m00s elapsed]
aws_security_group_rule.server_ingress_self["kinit_udp"]: Still creating... [11m00s elapsed]
aws_security_group_rule.server_ingress_trusted["http"]: Still creating... [11m00s elapsed]
aws_security_group_rule.server_ingress_trusted["kinit_tcp"]: Still creating... [06m00s elapsed]
aws_security_group_rule.server_egress_self["kpasswd_tcp"]: Still creating... [11m00s elapsed]
aws_security_group_rule.server_egress_self["kpasswd_udp"]: Still creating... [06m00s elapsed]
aws_security_group_rule.server_ingress_self["kinit_tcp"]: Still creating... [01m00s elapsed]
aws_security_group_rule.server_ingress_self["ldap"]: Still creating... [01m00s elapsed]
aws_security_group_rule.server_ingress_self["http"]: Still creating... [01m00s elapsed]
aws_security_group_rule.server_egress_self["kpasswd_tcp"]: Still creating... [11m10s elapsed]
aws_security_group_rule.server_ingress_self["kinit_udp"]: Still creating... [11m10s elapsed]
aws_security_group_rule.server_ingress_trusted["kinit_tcp"]: Still creating... [06m10s elapsed]
aws_security_group_rule.server_ingress_trusted["http"]: Still creating... [11m10s elapsed]
aws_security_group_rule.server_egress_self["kinit_tcp"]: Still creating... [01m10s elapsed]
aws_security_group_rule.server_ingress_trusted["https"]: Still creating... [06m10s elapsed]
aws_security_group_rule.server_egress_self["kpasswd_udp"]: Still creating... [06m10s elapsed]
aws_security_group_rule.server_ingress_self["kinit_tcp"]: Still creating... [01m10s elapsed]
aws_security_group_rule.server_ingress_self["ldap"]: Still creating... [01m10s elapsed]
aws_security_group_rule.server_ingress_self["http"]: Still creating... [01m10s elapsed]
aws_security_group_rule.server_egress_self["kinit_tcp"]: Still creating... [01m20s elapsed]
aws_security_group_rule.server_ingress_trusted["https"]: Still creating... [06m20s elapsed]
aws_security_group_rule.server_ingress_self["kinit_udp"]: Still creating... [11m20s elapsed]
aws_security_group_rule.server_ingress_trusted["kinit_tcp"]: Still creating... [06m20s elapsed]
aws_security_group_rule.server_ingress_trusted["http"]: Still creating... [11m20s elapsed]
aws_security_group_rule.server_egress_self["kpasswd_tcp"]: Still creating... [11m20s elapsed]
aws_security_group_rule.server_egress_self["kpasswd_udp"]: Still creating... [06m20s elapsed]
aws_security_group_rule.server_ingress_self["kinit_tcp"]: Still creating... [01m20s elapsed]
aws_security_group_rule.server_ingress_self["ldap"]: Still creating... [01m20s elapsed]
aws_security_group_rule.server_ingress_self["http"]: Still creating... [01m20s elapsed]
aws_security_group_rule.server_egress_self["kpasswd_tcp"]: Still creating... [11m30s elapsed]
aws_security_group_rule.server_ingress_trusted["http"]: Still creating... [11m30s elapsed]
aws_security_group_rule.server_ingress_self["kinit_udp"]: Still creating... [11m30s elapsed]
aws_security_group_rule.server_ingress_trusted["kinit_tcp"]: Still creating... [06m30s elapsed]
aws_security_group_rule.server_egress_self["kinit_tcp"]: Still creating... [01m30s elapsed]
aws_security_group_rule.server_ingress_trusted["https"]: Still creating... [06m30s elapsed]
aws_security_group_rule.server_ingress_self["kinit_tcp"]: Still creating... [01m30s elapsed]
aws_security_group_rule.server_egress_self["kpasswd_udp"]: Still creating... [06m30s elapsed]
aws_security_group_rule.server_ingress_self["ldap"]: Still creating... [01m30s elapsed]
aws_security_group_rule.server_ingress_self["http"]: Still creating... [01m30s elapsed]
aws_security_group_rule.server_ingress_trusted["http"]: Still creating... [11m40s elapsed]
aws_security_group_rule.server_ingress_self["kinit_udp"]: Still creating... [11m40s elapsed]
aws_security_group_rule.server_egress_self["kinit_tcp"]: Still creating... [01m40s elapsed]
aws_security_group_rule.server_ingress_trusted["kinit_tcp"]: Still creating... [06m40s elapsed]
aws_security_group_rule.server_egress_self["kpasswd_tcp"]: Still creating... [11m40s elapsed]
aws_security_group_rule.server_ingress_trusted["https"]: Still creating... [06m40s elapsed]
aws_security_group_rule.server_egress_self["kpasswd_udp"]: Still creating... [06m40s elapsed]
aws_security_group_rule.server_ingress_self["kinit_tcp"]: Still creating... [01m40s elapsed]
aws_security_group_rule.server_ingress_self["ldap"]: Still creating... [01m40s elapsed]
aws_security_group_rule.server_ingress_self["http"]: Still creating... [01m40s elapsed]
aws_security_group_rule.server_egress_self["kpasswd_tcp"]: Still creating... [11m50s elapsed]
aws_security_group_rule.server_ingress_trusted["kinit_tcp"]: Still creating... [06m50s elapsed]
aws_security_group_rule.server_egress_self["kinit_tcp"]: Still creating... [01m50s elapsed]
aws_security_group_rule.server_ingress_self["kinit_udp"]: Still creating... [11m50s elapsed]
aws_security_group_rule.server_ingress_trusted["https"]: Still creating... [06m50s elapsed]
aws_security_group_rule.server_ingress_trusted["http"]: Still creating... [11m50s elapsed]
aws_security_group_rule.server_egress_self["kpasswd_udp"]: Still creating... [06m50s elapsed]
aws_security_group_rule.server_ingress_self["kinit_tcp"]: Still creating... [01m50s elapsed]
aws_security_group_rule.server_ingress_self["ldap"]: Still creating... [01m50s elapsed]
aws_security_group_rule.server_ingress_self["http"]: Still creating... [01m50s elapsed]
aws_security_group_rule.server_ingress_trusted["http"]: Still creating... [12m00s elapsed]
aws_security_group_rule.server_egress_self["kinit_tcp"]: Still creating... [02m00s elapsed]
aws_security_group_rule.server_ingress_self["kinit_udp"]: Still creating... [12m00s elapsed]
aws_security_group_rule.server_ingress_trusted["https"]: Still creating... [07m00s elapsed]
aws_security_group_rule.server_egress_self["kpasswd_tcp"]: Still creating... [12m00s elapsed]
aws_security_group_rule.server_ingress_trusted["kinit_tcp"]: Still creating... [07m00s elapsed]
aws_security_group_rule.server_ingress_self["kinit_tcp"]: Still creating... [02m00s elapsed]
aws_security_group_rule.server_egress_self["kpasswd_udp"]: Still creating... [07m00s elapsed]
aws_security_group_rule.server_ingress_self["ldap"]: Still creating... [02m00s elapsed]
aws_security_group_rule.server_ingress_self["http"]: Still creating... [02m00s elapsed]
aws_security_group_rule.server_ingress_trusted["http"]: Still creating... [12m10s elapsed]
aws_security_group_rule.server_ingress_trusted["https"]: Still creating... [07m10s elapsed]
aws_security_group_rule.server_ingress_self["kinit_udp"]: Still creating... [12m10s elapsed]
aws_security_group_rule.server_ingress_trusted["kinit_tcp"]: Still creating... [07m10s elapsed]
aws_security_group_rule.server_egress_self["kinit_tcp"]: Still creating... [02m10s elapsed]
aws_security_group_rule.server_egress_self["kpasswd_tcp"]: Still creating... [12m10s elapsed]
aws_security_group_rule.server_ingress_self["kinit_tcp"]: Still creating... [02m10s elapsed]
aws_security_group_rule.server_egress_self["kpasswd_udp"]: Still creating... [07m10s elapsed]
aws_security_group_rule.server_ingress_self["ldap"]: Still creating... [02m10s elapsed]
aws_security_group_rule.server_ingress_self["http"]: Still creating... [02m10s elapsed]
aws_security_group_rule.server_egress_self["kinit_tcp"]: Still creating... [02m20s elapsed]
aws_security_group_rule.server_ingress_trusted["https"]: Still creating... [07m20s elapsed]
aws_security_group_rule.server_egress_self["kpasswd_tcp"]: Still creating... [12m20s elapsed]
aws_security_group_rule.server_ingress_self["kinit_udp"]: Still creating... [12m20s elapsed]
aws_security_group_rule.server_ingress_trusted["http"]: Still creating... [12m20s elapsed]
aws_security_group_rule.server_ingress_trusted["kinit_tcp"]: Still creating... [07m20s elapsed]
aws_security_group_rule.server_ingress_self["kinit_tcp"]: Still creating... [02m20s elapsed]
aws_security_group_rule.server_egress_self["kpasswd_udp"]: Still creating... [07m20s elapsed]
aws_security_group_rule.server_ingress_self["ldap"]: Still creating... [02m20s elapsed]
aws_security_group_rule.server_ingress_self["http"]: Still creating... [02m20s elapsed]
aws_security_group_rule.server_egress_self["kpasswd_tcp"]: Still creating... [12m30s elapsed]
aws_security_group_rule.server_ingress_trusted["http"]: Still creating... [12m30s elapsed]
aws_security_group_rule.server_ingress_self["kinit_udp"]: Still creating... [12m30s elapsed]
aws_security_group_rule.server_ingress_trusted["kinit_tcp"]: Still creating... [07m30s elapsed]
aws_security_group_rule.server_egress_self["kinit_tcp"]: Still creating... [02m30s elapsed]
aws_security_group_rule.server_ingress_trusted["https"]: Still creating... [07m30s elapsed]
aws_security_group_rule.server_ingress_self["kinit_tcp"]: Still creating... [02m30s elapsed]
aws_security_group_rule.server_egress_self["kpasswd_udp"]: Still creating... [07m30s elapsed]
aws_security_group_rule.server_ingress_self["ldap"]: Still creating... [02m30s elapsed]
aws_security_group_rule.server_ingress_self["http"]: Still creating... [02m30s elapsed]
aws_security_group_rule.server_egress_self["kinit_tcp"]: Still creating... [02m40s elapsed]
aws_security_group_rule.server_ingress_self["kinit_udp"]: Still creating... [12m40s elapsed]
aws_security_group_rule.server_ingress_trusted["kinit_tcp"]: Still creating... [07m40s elapsed]
aws_security_group_rule.server_ingress_trusted["http"]: Still creating... [12m40s elapsed]
aws_security_group_rule.server_egress_self["kpasswd_tcp"]: Still creating... [12m40s elapsed]
aws_security_group_rule.server_ingress_trusted["https"]: Still creating... [07m40s elapsed]
aws_security_group_rule.server_egress_self["kpasswd_udp"]: Still creating... [07m40s elapsed]
aws_security_group_rule.server_ingress_self["kinit_tcp"]: Still creating... [02m40s elapsed]
aws_security_group_rule.server_ingress_self["ldap"]: Still creating... [02m40s elapsed]
aws_security_group_rule.server_ingress_self["http"]: Still creating... [02m40s elapsed]
aws_security_group_rule.server_ingress_trusted["http"]: Still creating... [12m50s elapsed]
aws_security_group_rule.server_ingress_trusted["kinit_tcp"]: Still creating... [07m50s elapsed]
aws_security_group_rule.server_ingress_self["kinit_udp"]: Still creating... [12m50s elapsed]
aws_security_group_rule.server_ingress_trusted["https"]: Still creating... [07m50s elapsed]
aws_security_group_rule.server_egress_self["kpasswd_tcp"]: Still creating... [12m50s elapsed]
aws_security_group_rule.server_egress_self["kinit_tcp"]: Still creating... [02m50s elapsed]
aws_security_group_rule.server_ingress_self["kinit_tcp"]: Still creating... [02m50s elapsed]
aws_security_group_rule.server_egress_self["kpasswd_udp"]: Still creating... [07m50s elapsed]
aws_security_group_rule.server_ingress_self["ldap"]: Still creating... [02m50s elapsed]
aws_security_group_rule.server_ingress_self["http"]: Still creating... [02m50s elapsed]
aws_security_group_rule.server_egress_self["kinit_tcp"]: Still creating... [03m00s elapsed]
aws_security_group_rule.server_ingress_trusted["https"]: Still creating... [08m00s elapsed]
aws_security_group_rule.server_egress_self["kpasswd_tcp"]: Still creating... [13m00s elapsed]
aws_security_group_rule.server_ingress_trusted["kinit_tcp"]: Still creating... [08m00s elapsed]
aws_security_group_rule.server_ingress_trusted["http"]: Still creating... [13m00s elapsed]
aws_security_group_rule.server_ingress_self["kinit_udp"]: Still creating... [13m00s elapsed]
aws_security_group_rule.server_ingress_self["kinit_tcp"]: Still creating... [03m00s elapsed]
aws_security_group_rule.server_egress_self["kpasswd_udp"]: Still creating... [08m00s elapsed]
aws_security_group_rule.server_ingress_self["ldap"]: Still creating... [03m00s elapsed]
aws_security_group_rule.server_ingress_self["http"]: Still creating... [03m00s elapsed]
aws_security_group_rule.server_ingress_self["kinit_udp"]: Still creating... [13m10s elapsed]
aws_security_group_rule.server_ingress_trusted["http"]: Still creating... [13m10s elapsed]
aws_security_group_rule.server_egress_self["kpasswd_tcp"]: Still creating... [13m10s elapsed]
aws_security_group_rule.server_ingress_trusted["kinit_tcp"]: Still creating... [08m10s elapsed]
aws_security_group_rule.server_ingress_trusted["https"]: Still creating... [08m10s elapsed]
aws_security_group_rule.server_egress_self["kinit_tcp"]: Still creating... [03m10s elapsed]
aws_security_group_rule.server_ingress_self["kinit_tcp"]: Still creating... [03m10s elapsed]
aws_security_group_rule.server_egress_self["kpasswd_udp"]: Still creating... [08m10s elapsed]
aws_security_group_rule.server_ingress_self["ldap"]: Still creating... [03m10s elapsed]
aws_security_group_rule.server_ingress_self["http"]: Still creating... [03m10s elapsed]
aws_security_group_rule.server_ingress_trusted["https"]: Still creating... [08m20s elapsed]
aws_security_group_rule.server_egress_self["kinit_tcp"]: Still creating... [03m20s elapsed]
aws_security_group_rule.server_ingress_trusted["http"]: Still creating... [13m20s elapsed]
aws_security_group_rule.server_ingress_self["kinit_udp"]: Still creating... [13m20s elapsed]
aws_security_group_rule.server_egress_self["kpasswd_tcp"]: Still creating... [13m20s elapsed]
aws_security_group_rule.server_ingress_trusted["kinit_tcp"]: Still creating... [08m20s elapsed]
aws_security_group_rule.server_egress_self["kpasswd_udp"]: Still creating... [08m20s elapsed]
aws_security_group_rule.server_ingress_self["kinit_tcp"]: Still creating... [03m20s elapsed]
aws_security_group_rule.server_ingress_self["ldap"]: Still creating... [03m20s elapsed]
aws_security_group_rule.server_ingress_self["http"]: Still creating... [03m20s elapsed]
aws_security_group_rule.server_ingress_self["kinit_udp"]: Still creating... [13m30s elapsed]
aws_security_group_rule.server_egress_self["kinit_tcp"]: Still creating... [03m30s elapsed]
aws_security_group_rule.server_ingress_trusted["https"]: Still creating... [08m30s elapsed]
aws_security_group_rule.server_ingress_trusted["kinit_tcp"]: Still creating... [08m30s elapsed]
aws_security_group_rule.server_ingress_trusted["http"]: Still creating... [13m30s elapsed]
aws_security_group_rule.server_egress_self["kpasswd_tcp"]: Still creating... [13m30s elapsed]
aws_security_group_rule.server_egress_self["kpasswd_udp"]: Still creating... [08m30s elapsed]
aws_security_group_rule.server_ingress_self["kinit_tcp"]: Still creating... [03m30s elapsed]
aws_security_group_rule.server_ingress_self["ldap"]: Still creating... [03m30s elapsed]
aws_security_group_rule.server_ingress_self["http"]: Still creating... [03m30s elapsed]
aws_security_group_rule.server_ingress_trusted["http"]: Still creating... [13m40s elapsed]
aws_security_group_rule.server_ingress_trusted["kinit_tcp"]: Still creating... [08m40s elapsed]
aws_security_group_rule.server_egress_self["kpasswd_tcp"]: Still creating... [13m40s elapsed]
aws_security_group_rule.server_egress_self["kinit_tcp"]: Still creating... [03m40s elapsed]
aws_security_group_rule.server_ingress_trusted["https"]: Still creating... [08m40s elapsed]
aws_security_group_rule.server_ingress_self["kinit_udp"]: Still creating... [13m40s elapsed]
aws_security_group_rule.server_egress_self["kpasswd_udp"]: Still creating... [08m40s elapsed]
aws_security_group_rule.server_ingress_self["kinit_tcp"]: Still creating... [03m40s elapsed]
aws_security_group_rule.server_ingress_self["ldap"]: Still creating... [03m40s elapsed]
aws_security_group_rule.server_ingress_self["http"]: Still creating... [03m40s elapsed]
aws_security_group_rule.server_ingress_self["kinit_udp"]: Still creating... [13m50s elapsed]
aws_security_group_rule.server_ingress_trusted["http"]: Still creating... [13m50s elapsed]
aws_security_group_rule.server_ingress_trusted["https"]: Still creating... [08m50s elapsed]
aws_security_group_rule.server_egress_self["kpasswd_tcp"]: Still creating... [13m50s elapsed]
aws_security_group_rule.server_egress_self["kinit_tcp"]: Still creating... [03m50s elapsed]
aws_security_group_rule.server_ingress_trusted["kinit_tcp"]: Still creating... [08m50s elapsed]
aws_security_group_rule.server_ingress_self["kinit_tcp"]: Still creating... [03m50s elapsed]
aws_security_group_rule.server_egress_self["kpasswd_udp"]: Still creating... [08m50s elapsed]
aws_security_group_rule.server_ingress_self["ldap"]: Still creating... [03m50s elapsed]
aws_security_group_rule.server_ingress_self["http"]: Still creating... [03m50s elapsed]
aws_security_group_rule.server_ingress_trusted["kinit_tcp"]: Still creating... [09m00s elapsed]
aws_security_group_rule.server_egress_self["kinit_tcp"]: Still creating... [04m00s elapsed]
aws_security_group_rule.server_ingress_trusted["https"]: Still creating... [09m00s elapsed]
aws_security_group_rule.server_ingress_trusted["http"]: Still creating... [14m00s elapsed]
aws_security_group_rule.server_egress_self["kpasswd_tcp"]: Still creating... [14m00s elapsed]
aws_security_group_rule.server_ingress_self["kinit_udp"]: Still creating... [14m00s elapsed]
aws_security_group_rule.server_ingress_self["kinit_tcp"]: Still creating... [04m00s elapsed]
aws_security_group_rule.server_egress_self["kpasswd_udp"]: Still creating... [09m00s elapsed]
aws_security_group_rule.server_ingress_self["ldap"]: Still creating... [04m00s elapsed]
aws_security_group_rule.server_ingress_self["http"]: Still creating... [04m00s elapsed]
aws_security_group_rule.server_egress_self["kinit_tcp"]: Still creating... [04m10s elapsed]
aws_security_group_rule.server_ingress_self["kinit_udp"]: Still creating... [14m10s elapsed]
aws_security_group_rule.server_ingress_trusted["kinit_tcp"]: Still creating... [09m10s elapsed]
aws_security_group_rule.server_egress_self["kpasswd_tcp"]: Still creating... [14m10s elapsed]
aws_security_group_rule.server_ingress_trusted["https"]: Still creating... [09m10s elapsed]
aws_security_group_rule.server_ingress_trusted["http"]: Still creating... [14m10s elapsed]
aws_security_group_rule.server_ingress_self["kinit_tcp"]: Still creating... [04m10s elapsed]
aws_security_group_rule.server_egress_self["kpasswd_udp"]: Still creating... [09m10s elapsed]
aws_security_group_rule.server_ingress_self["ldap"]: Still creating... [04m10s elapsed]
aws_security_group_rule.server_ingress_self["http"]: Still creating... [04m11s elapsed]
aws_security_group_rule.server_ingress_self["kinit_udp"]: Still creating... [14m20s elapsed]
aws_security_group_rule.server_egress_self["kpasswd_tcp"]: Still creating... [14m20s elapsed]
aws_security_group_rule.server_egress_self["kinit_tcp"]: Still creating... [04m20s elapsed]
aws_security_group_rule.server_ingress_trusted["kinit_tcp"]: Still creating... [09m20s elapsed]
aws_security_group_rule.server_ingress_trusted["http"]: Still creating... [14m20s elapsed]
aws_security_group_rule.server_ingress_trusted["https"]: Still creating... [09m20s elapsed]
aws_security_group_rule.server_egress_self["kpasswd_udp"]: Still creating... [09m20s elapsed]
aws_security_group_rule.server_ingress_self["kinit_tcp"]: Still creating... [04m20s elapsed]
aws_security_group_rule.server_ingress_self["ldap"]: Still creating... [04m20s elapsed]
aws_security_group_rule.server_ingress_self["http"]: Still creating... [04m21s elapsed]
aws_security_group_rule.server_egress_self["kinit_tcp"]: Still creating... [04m30s elapsed]
aws_security_group_rule.server_ingress_self["kinit_udp"]: Still creating... [14m30s elapsed]
aws_security_group_rule.server_ingress_trusted["kinit_tcp"]: Still creating... [09m30s elapsed]
aws_security_group_rule.server_ingress_trusted["http"]: Still creating... [14m30s elapsed]
aws_security_group_rule.server_egress_self["kpasswd_tcp"]: Still creating... [14m30s elapsed]
aws_security_group_rule.server_ingress_trusted["https"]: Still creating... [09m30s elapsed]
aws_security_group_rule.server_egress_self["kpasswd_udp"]: Still creating... [09m30s elapsed]
aws_security_group_rule.server_ingress_self["kinit_tcp"]: Still creating... [04m30s elapsed]
aws_security_group_rule.server_ingress_self["ldap"]: Still creating... [04m30s elapsed]
aws_security_group_rule.server_ingress_self["http"]: Still creating... [04m31s elapsed]
aws_security_group_rule.server_egress_self["kpasswd_tcp"]: Still creating... [14m40s elapsed]
aws_security_group_rule.server_egress_self["kinit_tcp"]: Still creating... [04m40s elapsed]
aws_security_group_rule.server_ingress_self["kinit_udp"]: Still creating... [14m40s elapsed]
aws_security_group_rule.server_ingress_trusted["https"]: Still creating... [09m40s elapsed]
aws_security_group_rule.server_ingress_trusted["http"]: Still creating... [14m40s elapsed]
aws_security_group_rule.server_ingress_trusted["kinit_tcp"]: Still creating... [09m40s elapsed]
aws_security_group_rule.server_egress_self["kpasswd_udp"]: Still creating... [09m40s elapsed]
aws_security_group_rule.server_ingress_self["kinit_tcp"]: Still creating... [04m40s elapsed]
aws_security_group_rule.server_ingress_self["ldap"]: Still creating... [04m40s elapsed]
aws_security_group_rule.server_ingress_self["http"]: Still creating... [04m41s elapsed]
aws_security_group_rule.server_egress_self["kinit_tcp"]: Still creating... [04m50s elapsed]
aws_security_group_rule.server_ingress_trusted["https"]: Still creating... [09m50s elapsed]
aws_security_group_rule.server_ingress_trusted["kinit_tcp"]: Still creating... [09m50s elapsed]
aws_security_group_rule.server_egress_self["kpasswd_tcp"]: Still creating... [14m50s elapsed]
aws_security_group_rule.server_ingress_self["kinit_udp"]: Still creating... [14m50s elapsed]
aws_security_group_rule.server_ingress_trusted["http"]: Still creating... [14m50s elapsed]
aws_security_group_rule.server_ingress_self["kinit_tcp"]: Still creating... [04m50s elapsed]
aws_security_group_rule.server_egress_self["kpasswd_udp"]: Still creating... [09m50s elapsed]
aws_security_group_rule.server_ingress_self["ldap"]: Still creating... [04m50s elapsed]
aws_security_group_rule.server_ingress_self["http"]: Still creating... [04m51s elapsed]
aws_security_group_rule.server_egress_self["kinit_tcp"]: Still creating... [05m00s elapsed]
aws_security_group_rule.server_ingress_self["kinit_udp"]: Still creating... [15m00s elapsed]
aws_security_group_rule.server_egress_self["kpasswd_tcp"]: Still creating... [15m00s elapsed]
aws_security_group_rule.server_ingress_trusted["kinit_tcp"]: Still creating... [10m00s elapsed]
aws_security_group_rule.server_ingress_trusted["https"]: Still creating... [10m00s elapsed]
aws_security_group_rule.client_egress["http"]: Creating...
aws_security_group_rule.server_ingress_self["kinit_udp"]: Creation complete after 15m0s [id=sgrule-434005132]
aws_security_group_rule.server_egress_self["kpasswd_udp"]: Still creating... [10m00s elapsed]
aws_security_group_rule.server_ingress_self["kinit_tcp"]: Still creating... [05m00s elapsed]
aws_security_group_rule.server_ingress_trusted["kpasswd_udp"]: Creating...
aws_security_group_rule.client_egress["http"]: Creation complete after 0s [id=sgrule-2295696235]
aws_security_group_rule.server_egress_self["kpasswd_tcp"]: Creation complete after 15m0s [id=sgrule-1241000530]
aws_security_group_rule.server_ingress_self["ldap"]: Still creating... [05m00s elapsed]
aws_security_group_rule.server_ingress_trusted["ldaps"]: Creating...
aws_security_group_rule.client_egress["kinit_tcp"]: Creating...
aws_security_group_rule.client_egress["kinit_tcp"]: Creation complete after 0s [id=sgrule-4126265592]
aws_security_group_rule.server_egress_self["kinit_udp"]: Creating...
aws_security_group_rule.server_ingress_self["http"]: Still creating... [05m01s elapsed]
aws_security_group_rule.server_ingress_trusted["kinit_tcp"]: Still creating... [10m10s elapsed]
aws_security_group_rule.server_egress_self["kinit_tcp"]: Still creating... [05m10s elapsed]
aws_security_group_rule.server_ingress_trusted["https"]: Still creating... [10m10s elapsed]
aws_security_group_rule.server_ingress_self["kinit_tcp"]: Still creating... [05m10s elapsed]
aws_security_group_rule.server_egress_self["kpasswd_udp"]: Still creating... [10m10s elapsed]
aws_security_group_rule.server_ingress_trusted["kpasswd_udp"]: Still creating... [00m10s elapsed]
aws_security_group_rule.server_ingress_trusted["ldaps"]: Still creating... [00m10s elapsed]
aws_security_group_rule.server_ingress_self["ldap"]: Still creating... [05m10s elapsed]
aws_security_group_rule.server_egress_self["kinit_udp"]: Still creating... [00m10s elapsed]
aws_security_group_rule.server_ingress_self["http"]: Still creating... [05m11s elapsed]
aws_security_group_rule.server_ingress_trusted["https"]: Still creating... [10m20s elapsed]
aws_security_group_rule.server_ingress_trusted["kinit_tcp"]: Still creating... [10m20s elapsed]
aws_security_group_rule.server_egress_self["kinit_tcp"]: Still creating... [05m20s elapsed]
aws_security_group_rule.server_ingress_self["kinit_tcp"]: Still creating... [05m20s elapsed]
aws_security_group_rule.server_egress_self["kpasswd_udp"]: Still creating... [10m20s elapsed]
aws_security_group_rule.server_ingress_trusted["kpasswd_udp"]: Still creating... [00m20s elapsed]
aws_security_group_rule.server_ingress_self["ldap"]: Still creating... [05m20s elapsed]
aws_security_group_rule.server_ingress_trusted["ldaps"]: Still creating... [00m20s elapsed]
aws_security_group_rule.server_egress_self["kinit_udp"]: Still creating... [00m20s elapsed]
aws_security_group_rule.server_ingress_self["http"]: Still creating... [05m21s elapsed]
aws_security_group_rule.server_ingress_trusted["kinit_tcp"]: Still creating... [10m30s elapsed]
aws_security_group_rule.server_ingress_trusted["https"]: Still creating... [10m30s elapsed]
aws_security_group_rule.server_egress_self["kinit_tcp"]: Still creating... [05m30s elapsed]
aws_security_group_rule.server_egress_self["kpasswd_udp"]: Still creating... [10m30s elapsed]
aws_security_group_rule.server_ingress_self["kinit_tcp"]: Still creating... [05m30s elapsed]
aws_security_group_rule.server_ingress_trusted["kpasswd_udp"]: Still creating... [00m30s elapsed]
aws_security_group_rule.server_ingress_trusted["ldaps"]: Still creating... [00m30s elapsed]
aws_security_group_rule.server_ingress_self["ldap"]: Still creating... [05m30s elapsed]
aws_security_group_rule.server_egress_self["kinit_udp"]: Still creating... [00m30s elapsed]
aws_security_group_rule.server_ingress_self["http"]: Still creating... [05m31s elapsed]
aws_security_group_rule.server_egress_self["kinit_tcp"]: Still creating... [05m40s elapsed]
aws_security_group_rule.server_ingress_trusted["kinit_tcp"]: Still creating... [10m40s elapsed]
aws_security_group_rule.server_ingress_trusted["https"]: Still creating... [10m40s elapsed]
aws_security_group_rule.server_ingress_self["kinit_tcp"]: Still creating... [05m40s elapsed]
aws_security_group_rule.server_egress_self["kpasswd_udp"]: Still creating... [10m40s elapsed]
aws_security_group_rule.server_ingress_trusted["kpasswd_udp"]: Still creating... [00m40s elapsed]
aws_security_group_rule.server_ingress_trusted["ldaps"]: Still creating... [00m40s elapsed]
aws_security_group_rule.server_ingress_self["ldap"]: Still creating... [05m40s elapsed]
aws_security_group_rule.server_egress_self["kinit_udp"]: Still creating... [00m40s elapsed]
aws_security_group_rule.server_ingress_self["http"]: Still creating... [05m41s elapsed]
aws_security_group_rule.server_ingress_trusted["https"]: Still creating... [10m50s elapsed]
aws_security_group_rule.server_ingress_trusted["kinit_tcp"]: Still creating... [10m50s elapsed]
aws_security_group_rule.server_egress_self["kinit_tcp"]: Still creating... [05m50s elapsed]
aws_security_group_rule.server_ingress_self["kinit_tcp"]: Still creating... [05m50s elapsed]
aws_security_group_rule.server_egress_self["kpasswd_udp"]: Still creating... [10m50s elapsed]
aws_security_group_rule.server_ingress_trusted["kpasswd_udp"]: Still creating... [00m50s elapsed]
aws_security_group_rule.server_ingress_self["ldap"]: Still creating... [05m50s elapsed]
aws_security_group_rule.server_ingress_trusted["ldaps"]: Still creating... [00m50s elapsed]
aws_security_group_rule.server_egress_self["kinit_udp"]: Still creating... [00m50s elapsed]
aws_security_group_rule.server_ingress_self["http"]: Still creating... [05m51s elapsed]
aws_security_group_rule.server_ingress_trusted["https"]: Still creating... [11m00s elapsed]
aws_security_group_rule.server_egress_self["kinit_tcp"]: Still creating... [06m00s elapsed]
aws_security_group_rule.server_ingress_trusted["kinit_tcp"]: Still creating... [11m00s elapsed]
aws_security_group_rule.server_egress_self["kpasswd_udp"]: Still creating... [11m00s elapsed]
aws_security_group_rule.server_ingress_self["kinit_tcp"]: Still creating... [06m00s elapsed]
aws_security_group_rule.server_ingress_trusted["kpasswd_udp"]: Still creating... [01m00s elapsed]
aws_security_group_rule.server_ingress_trusted["ldaps"]: Still creating... [01m00s elapsed]
aws_security_group_rule.server_ingress_self["ldap"]: Still creating... [06m00s elapsed]
aws_security_group_rule.server_egress_self["kinit_udp"]: Still creating... [01m00s elapsed]
aws_security_group_rule.server_ingress_self["http"]: Still creating... [06m01s elapsed]
aws_security_group_rule.server_egress_self["kinit_tcp"]: Still creating... [06m10s elapsed]
aws_security_group_rule.server_ingress_trusted["kinit_tcp"]: Still creating... [11m10s elapsed]
aws_security_group_rule.server_ingress_trusted["https"]: Still creating... [11m10s elapsed]
aws_security_group_rule.server_ingress_trusted["kpasswd_udp"]: Still creating... [01m10s elapsed]
aws_security_group_rule.server_ingress_self["kinit_tcp"]: Still creating... [06m10s elapsed]
aws_security_group_rule.server_egress_self["kpasswd_udp"]: Still creating... [11m10s elapsed]
aws_security_group_rule.server_ingress_trusted["ldaps"]: Still creating... [01m10s elapsed]
aws_security_group_rule.server_ingress_self["ldap"]: Still creating... [06m10s elapsed]
aws_security_group_rule.server_egress_self["kinit_udp"]: Still creating... [01m10s elapsed]
aws_security_group_rule.server_ingress_self["http"]: Still creating... [06m11s elapsed]
aws_security_group_rule.server_ingress_trusted["kinit_tcp"]: Still creating... [11m20s elapsed]
aws_security_group_rule.server_egress_self["kinit_tcp"]: Still creating... [06m20s elapsed]
aws_security_group_rule.server_ingress_trusted["https"]: Still creating... [11m20s elapsed]
aws_security_group_rule.server_ingress_trusted["kpasswd_udp"]: Still creating... [01m20s elapsed]
aws_security_group_rule.server_egress_self["kpasswd_udp"]: Still creating... [11m20s elapsed]
aws_security_group_rule.server_ingress_self["kinit_tcp"]: Still creating... [06m20s elapsed]
aws_security_group_rule.server_ingress_self["ldap"]: Still creating... [06m20s elapsed]
aws_security_group_rule.server_ingress_trusted["ldaps"]: Still creating... [01m20s elapsed]
aws_security_group_rule.server_egress_self["kinit_udp"]: Still creating... [01m20s elapsed]
aws_security_group_rule.server_ingress_self["http"]: Still creating... [06m21s elapsed]
aws_security_group_rule.server_ingress_trusted["kinit_tcp"]: Still creating... [11m30s elapsed]
aws_security_group_rule.server_ingress_trusted["https"]: Still creating... [11m30s elapsed]
aws_security_group_rule.server_egress_self["kinit_tcp"]: Still creating... [06m30s elapsed]
aws_security_group_rule.server_ingress_self["kinit_tcp"]: Still creating... [06m30s elapsed]
aws_security_group_rule.server_egress_self["kpasswd_udp"]: Still creating... [11m30s elapsed]
aws_security_group_rule.server_ingress_trusted["kpasswd_udp"]: Still creating... [01m30s elapsed]
aws_security_group_rule.server_ingress_trusted["ldaps"]: Still creating... [01m30s elapsed]
aws_security_group_rule.server_ingress_self["ldap"]: Still creating... [06m30s elapsed]
aws_security_group_rule.server_egress_self["kinit_udp"]: Still creating... [01m30s elapsed]
aws_security_group_rule.server_ingress_self["http"]: Still creating... [06m31s elapsed]
aws_security_group_rule.server_ingress_trusted["https"]: Still creating... [11m40s elapsed]
aws_security_group_rule.server_ingress_trusted["kinit_tcp"]: Still creating... [11m40s elapsed]
aws_security_group_rule.server_egress_self["kinit_tcp"]: Still creating... [06m40s elapsed]
aws_security_group_rule.server_ingress_self["kinit_tcp"]: Still creating... [06m40s elapsed]
aws_security_group_rule.server_ingress_trusted["kpasswd_udp"]: Still creating... [01m40s elapsed]
aws_security_group_rule.server_egress_self["kpasswd_udp"]: Still creating... [11m40s elapsed]
aws_security_group_rule.server_ingress_self["ldap"]: Still creating... [06m40s elapsed]
aws_security_group_rule.server_ingress_trusted["ldaps"]: Still creating... [01m40s elapsed]
aws_security_group_rule.server_egress_self["kinit_udp"]: Still creating... [01m40s elapsed]
aws_security_group_rule.server_ingress_self["http"]: Still creating... [06m41s elapsed]
aws_security_group_rule.server_egress_self["kinit_tcp"]: Still creating... [06m50s elapsed]
aws_security_group_rule.server_ingress_trusted["kinit_tcp"]: Still creating... [11m50s elapsed]
aws_security_group_rule.server_ingress_trusted["https"]: Still creating... [11m50s elapsed]
aws_security_group_rule.server_egress_self["kpasswd_udp"]: Still creating... [11m50s elapsed]
aws_security_group_rule.server_ingress_trusted["kpasswd_udp"]: Still creating... [01m50s elapsed]
aws_security_group_rule.server_ingress_self["kinit_tcp"]: Still creating... [06m50s elapsed]
aws_security_group_rule.server_ingress_trusted["ldaps"]: Still creating... [01m50s elapsed]
aws_security_group_rule.server_ingress_self["ldap"]: Still creating... [06m50s elapsed]
aws_security_group_rule.server_egress_self["kinit_udp"]: Still creating... [01m50s elapsed]
aws_security_group_rule.server_ingress_self["http"]: Still creating... [06m51s elapsed]
aws_security_group_rule.server_ingress_trusted["kinit_tcp"]: Still creating... [12m00s elapsed]
aws_security_group_rule.server_egress_self["kinit_tcp"]: Still creating... [07m00s elapsed]
aws_security_group_rule.server_ingress_trusted["https"]: Still creating... [12m00s elapsed]
aws_security_group_rule.server_ingress_self["kinit_tcp"]: Still creating... [07m00s elapsed]
aws_security_group_rule.server_ingress_trusted["kpasswd_udp"]: Still creating... [02m00s elapsed]
aws_security_group_rule.server_egress_self["kpasswd_udp"]: Still creating... [12m00s elapsed]
aws_security_group_rule.server_ingress_self["ldap"]: Still creating... [07m00s elapsed]
aws_security_group_rule.server_ingress_trusted["ldaps"]: Still creating... [02m00s elapsed]
aws_security_group_rule.server_egress_self["kinit_udp"]: Still creating... [02m00s elapsed]
aws_security_group_rule.server_ingress_self["http"]: Still creating... [07m01s elapsed]
aws_security_group_rule.server_ingress_trusted["kinit_tcp"]: Still creating... [12m10s elapsed]
aws_security_group_rule.server_egress_self["kinit_tcp"]: Still creating... [07m10s elapsed]
aws_security_group_rule.server_ingress_trusted["https"]: Still creating... [12m10s elapsed]
aws_security_group_rule.server_egress_self["kpasswd_udp"]: Still creating... [12m10s elapsed]
aws_security_group_rule.server_ingress_trusted["kpasswd_udp"]: Still creating... [02m10s elapsed]
aws_security_group_rule.server_ingress_self["kinit_tcp"]: Still creating... [07m10s elapsed]
aws_security_group_rule.server_ingress_self["ldap"]: Still creating... [07m10s elapsed]
aws_security_group_rule.server_ingress_trusted["ldaps"]: Still creating... [02m10s elapsed]
aws_security_group_rule.server_egress_self["kinit_udp"]: Still creating... [02m10s elapsed]
aws_security_group_rule.server_ingress_self["http"]: Still creating... [07m11s elapsed]
aws_security_group_rule.server_ingress_trusted["kinit_tcp"]: Still creating... [12m20s elapsed]
aws_security_group_rule.server_ingress_trusted["https"]: Still creating... [12m20s elapsed]
aws_security_group_rule.server_egress_self["kinit_tcp"]: Still creating... [07m20s elapsed]
aws_security_group_rule.server_egress_self["kpasswd_udp"]: Still creating... [12m20s elapsed]
aws_security_group_rule.server_ingress_self["kinit_tcp"]: Still creating... [07m20s elapsed]
aws_security_group_rule.server_ingress_trusted["kpasswd_udp"]: Still creating... [02m20s elapsed]
aws_security_group_rule.server_ingress_trusted["ldaps"]: Still creating... [02m20s elapsed]
aws_security_group_rule.server_ingress_self["ldap"]: Still creating... [07m20s elapsed]
aws_security_group_rule.server_egress_self["kinit_udp"]: Still creating... [02m20s elapsed]
aws_security_group_rule.server_ingress_self["http"]: Still creating... [07m21s elapsed]
aws_security_group_rule.server_egress_self["kinit_tcp"]: Still creating... [07m30s elapsed]
aws_security_group_rule.server_ingress_trusted["kinit_tcp"]: Still creating... [12m30s elapsed]
aws_security_group_rule.server_ingress_trusted["https"]: Still creating... [12m30s elapsed]
aws_security_group_rule.server_egress_self["kpasswd_udp"]: Still creating... [12m30s elapsed]
aws_security_group_rule.server_ingress_self["kinit_tcp"]: Still creating... [07m30s elapsed]
aws_security_group_rule.server_ingress_trusted["kpasswd_udp"]: Still creating... [02m30s elapsed]
aws_security_group_rule.server_ingress_self["ldap"]: Still creating... [07m30s elapsed]
aws_security_group_rule.server_ingress_trusted["ldaps"]: Still creating... [02m30s elapsed]
aws_security_group_rule.server_egress_self["kinit_udp"]: Still creating... [02m30s elapsed]
aws_security_group_rule.server_ingress_self["http"]: Still creating... [07m31s elapsed]
aws_security_group_rule.server_ingress_trusted["kinit_tcp"]: Still creating... [12m40s elapsed]
aws_security_group_rule.server_ingress_trusted["https"]: Still creating... [12m40s elapsed]
aws_security_group_rule.server_egress_self["kinit_tcp"]: Still creating... [07m40s elapsed]
aws_security_group_rule.server_egress_self["kpasswd_udp"]: Still creating... [12m40s elapsed]
aws_security_group_rule.server_ingress_self["kinit_tcp"]: Still creating... [07m40s elapsed]
aws_security_group_rule.server_ingress_trusted["kpasswd_udp"]: Still creating... [02m40s elapsed]
aws_security_group_rule.server_ingress_trusted["ldaps"]: Still creating... [02m40s elapsed]
aws_security_group_rule.server_ingress_self["ldap"]: Still creating... [07m40s elapsed]
aws_security_group_rule.server_egress_self["kinit_udp"]: Still creating... [02m41s elapsed]
aws_security_group_rule.server_ingress_self["http"]: Still creating... [07m41s elapsed]
aws_security_group_rule.server_egress_self["kinit_tcp"]: Still creating... [07m50s elapsed]
aws_security_group_rule.server_ingress_trusted["https"]: Still creating... [12m50s elapsed]
aws_security_group_rule.server_ingress_trusted["kinit_tcp"]: Still creating... [12m50s elapsed]
aws_security_group_rule.server_ingress_self["kinit_tcp"]: Still creating... [07m50s elapsed]
aws_security_group_rule.server_egress_self["kpasswd_udp"]: Still creating... [12m50s elapsed]
aws_security_group_rule.server_ingress_trusted["kpasswd_udp"]: Still creating... [02m50s elapsed]
aws_security_group_rule.server_ingress_trusted["ldaps"]: Still creating... [02m50s elapsed]
aws_security_group_rule.server_ingress_self["ldap"]: Still creating... [07m50s elapsed]
aws_security_group_rule.server_egress_self["kinit_udp"]: Still creating... [02m51s elapsed]
aws_security_group_rule.server_ingress_self["http"]: Still creating... [07m51s elapsed]
aws_security_group_rule.server_egress_self["kinit_tcp"]: Still creating... [08m00s elapsed]
aws_security_group_rule.server_ingress_trusted["kinit_tcp"]: Still creating... [13m00s elapsed]
aws_security_group_rule.server_ingress_trusted["https"]: Still creating... [13m00s elapsed]
aws_security_group_rule.server_ingress_trusted["kpasswd_udp"]: Still creating... [03m00s elapsed]
aws_security_group_rule.server_egress_self["kpasswd_udp"]: Still creating... [13m00s elapsed]
aws_security_group_rule.server_ingress_self["kinit_tcp"]: Still creating... [08m00s elapsed]
aws_security_group_rule.server_ingress_trusted["ldaps"]: Still creating... [03m00s elapsed]
aws_security_group_rule.server_ingress_self["ldap"]: Still creating... [08m00s elapsed]
aws_security_group_rule.server_egress_self["kinit_udp"]: Still creating... [03m01s elapsed]
aws_security_group_rule.server_ingress_self["http"]: Still creating... [08m01s elapsed]
aws_security_group_rule.server_ingress_trusted["kinit_tcp"]: Still creating... [13m10s elapsed]
aws_security_group_rule.server_ingress_trusted["https"]: Still creating... [13m10s elapsed]
aws_security_group_rule.server_egress_self["kinit_tcp"]: Still creating... [08m10s elapsed]
aws_security_group_rule.server_egress_self["kpasswd_udp"]: Still creating... [13m10s elapsed]
aws_security_group_rule.server_ingress_trusted["kpasswd_udp"]: Still creating... [03m10s elapsed]
aws_security_group_rule.server_ingress_self["kinit_tcp"]: Still creating... [08m10s elapsed]
aws_security_group_rule.server_ingress_trusted["ldaps"]: Still creating... [03m10s elapsed]
aws_security_group_rule.server_ingress_self["ldap"]: Still creating... [08m10s elapsed]
aws_security_group_rule.server_egress_self["kinit_udp"]: Still creating... [03m11s elapsed]
aws_security_group_rule.server_ingress_self["http"]: Still creating... [08m11s elapsed]
aws_security_group_rule.server_ingress_trusted["https"]: Still creating... [13m20s elapsed]
aws_security_group_rule.server_ingress_trusted["kinit_tcp"]: Still creating... [13m20s elapsed]
aws_security_group_rule.server_egress_self["kinit_tcp"]: Still creating... [08m20s elapsed]
aws_security_group_rule.server_egress_self["kpasswd_udp"]: Still creating... [13m20s elapsed]
aws_security_group_rule.server_ingress_trusted["kpasswd_udp"]: Still creating... [03m20s elapsed]
aws_security_group_rule.server_ingress_self["kinit_tcp"]: Still creating... [08m20s elapsed]
aws_security_group_rule.server_ingress_self["ldap"]: Still creating... [08m20s elapsed]
aws_security_group_rule.server_ingress_trusted["ldaps"]: Still creating... [03m20s elapsed]
aws_security_group_rule.server_egress_self["kinit_udp"]: Still creating... [03m21s elapsed]
aws_security_group_rule.server_ingress_self["http"]: Still creating... [08m21s elapsed]
aws_security_group_rule.server_egress_self["kinit_tcp"]: Still creating... [08m30s elapsed]
aws_security_group_rule.server_ingress_trusted["kinit_tcp"]: Still creating... [13m30s elapsed]
aws_security_group_rule.server_ingress_trusted["https"]: Still creating... [13m30s elapsed]
aws_security_group_rule.server_egress_self["kpasswd_udp"]: Still creating... [13m30s elapsed]
aws_security_group_rule.server_ingress_trusted["kpasswd_udp"]: Still creating... [03m30s elapsed]
aws_security_group_rule.server_ingress_self["kinit_tcp"]: Still creating... [08m30s elapsed]
aws_security_group_rule.server_ingress_trusted["ldaps"]: Still creating... [03m30s elapsed]
aws_security_group_rule.server_ingress_self["ldap"]: Still creating... [08m30s elapsed]
aws_security_group_rule.server_egress_self["kinit_udp"]: Still creating... [03m31s elapsed]
aws_security_group_rule.server_ingress_self["http"]: Still creating... [08m31s elapsed]
aws_security_group_rule.server_ingress_trusted["https"]: Still creating... [13m40s elapsed]
aws_security_group_rule.server_egress_self["kinit_tcp"]: Still creating... [08m40s elapsed]
aws_security_group_rule.server_ingress_trusted["kinit_tcp"]: Still creating... [13m40s elapsed]
aws_security_group_rule.server_ingress_self["kinit_tcp"]: Still creating... [08m40s elapsed]
aws_security_group_rule.server_ingress_trusted["kpasswd_udp"]: Still creating... [03m40s elapsed]
aws_security_group_rule.server_egress_self["kpasswd_udp"]: Still creating... [13m40s elapsed]
aws_security_group_rule.server_ingress_self["ldap"]: Still creating... [08m40s elapsed]
aws_security_group_rule.server_ingress_trusted["ldaps"]: Still creating... [03m40s elapsed]
aws_security_group_rule.server_egress_self["kinit_udp"]: Still creating... [03m41s elapsed]
aws_security_group_rule.server_ingress_self["http"]: Still creating... [08m41s elapsed]
aws_security_group_rule.server_egress_self["kinit_tcp"]: Still creating... [08m50s elapsed]
aws_security_group_rule.server_ingress_trusted["https"]: Still creating... [13m50s elapsed]
aws_security_group_rule.server_ingress_trusted["kinit_tcp"]: Still creating... [13m50s elapsed]
aws_security_group_rule.server_ingress_self["kinit_tcp"]: Still creating... [08m50s elapsed]
aws_security_group_rule.server_ingress_trusted["kpasswd_udp"]: Still creating... [03m50s elapsed]
aws_security_group_rule.server_egress_self["kpasswd_udp"]: Still creating... [13m50s elapsed]
aws_security_group_rule.server_ingress_trusted["ldaps"]: Still creating... [03m50s elapsed]
aws_security_group_rule.server_ingress_self["ldap"]: Still creating... [08m50s elapsed]
aws_security_group_rule.server_egress_self["kinit_udp"]: Still creating... [03m51s elapsed]
aws_security_group_rule.server_ingress_self["http"]: Still creating... [08m51s elapsed]
aws_security_group_rule.server_egress_self["kinit_tcp"]: Still creating... [09m00s elapsed]
aws_security_group_rule.server_ingress_trusted["kinit_tcp"]: Still creating... [14m00s elapsed]
aws_security_group_rule.server_ingress_trusted["https"]: Still creating... [14m00s elapsed]
aws_security_group_rule.server_ingress_trusted["kpasswd_udp"]: Still creating... [04m00s elapsed]
aws_security_group_rule.server_egress_self["kpasswd_udp"]: Still creating... [14m00s elapsed]
aws_security_group_rule.server_ingress_self["kinit_tcp"]: Still creating... [09m00s elapsed]
aws_security_group_rule.server_ingress_self["ldap"]: Still creating... [09m00s elapsed]
aws_security_group_rule.server_ingress_trusted["ldaps"]: Still creating... [04m00s elapsed]
aws_security_group_rule.server_egress_self["kinit_udp"]: Still creating... [04m01s elapsed]
aws_security_group_rule.server_ingress_self["http"]: Still creating... [09m01s elapsed]
aws_security_group_rule.server_egress_self["kinit_tcp"]: Still creating... [09m10s elapsed]
aws_security_group_rule.server_ingress_trusted["kinit_tcp"]: Still creating... [14m10s elapsed]
aws_security_group_rule.server_ingress_trusted["https"]: Still creating... [14m10s elapsed]
aws_security_group_rule.server_ingress_self["kinit_tcp"]: Still creating... [09m10s elapsed]
aws_security_group_rule.server_egress_self["kpasswd_udp"]: Still creating... [14m10s elapsed]
aws_security_group_rule.server_ingress_trusted["kpasswd_udp"]: Still creating... [04m10s elapsed]
aws_security_group_rule.server_ingress_self["ldap"]: Still creating... [09m10s elapsed]
aws_security_group_rule.server_ingress_trusted["ldaps"]: Still creating... [04m10s elapsed]
aws_security_group_rule.server_egress_self["kinit_udp"]: Still creating... [04m11s elapsed]
aws_security_group_rule.server_ingress_self["http"]: Still creating... [09m11s elapsed]
aws_security_group_rule.server_ingress_trusted["https"]: Still creating... [14m20s elapsed]
aws_security_group_rule.server_ingress_trusted["kinit_tcp"]: Still creating... [14m20s elapsed]
aws_security_group_rule.server_egress_self["kinit_tcp"]: Still creating... [09m20s elapsed]
aws_security_group_rule.server_ingress_trusted["kpasswd_udp"]: Still creating... [04m20s elapsed]
aws_security_group_rule.server_ingress_self["kinit_tcp"]: Still creating... [09m20s elapsed]
aws_security_group_rule.server_egress_self["kpasswd_udp"]: Still creating... [14m20s elapsed]
aws_security_group_rule.server_ingress_trusted["ldaps"]: Still creating... [04m20s elapsed]
aws_security_group_rule.server_ingress_self["ldap"]: Still creating... [09m20s elapsed]
aws_security_group_rule.server_egress_self["kinit_udp"]: Still creating... [04m21s elapsed]
aws_security_group_rule.server_ingress_self["http"]: Still creating... [09m21s elapsed]
aws_security_group_rule.server_ingress_trusted["https"]: Still creating... [14m30s elapsed]
aws_security_group_rule.server_ingress_trusted["kinit_tcp"]: Still creating... [14m30s elapsed]
aws_security_group_rule.server_egress_self["kinit_tcp"]: Still creating... [09m30s elapsed]
aws_security_group_rule.server_ingress_self["kinit_tcp"]: Still creating... [09m30s elapsed]
aws_security_group_rule.server_egress_self["kpasswd_udp"]: Still creating... [14m30s elapsed]
aws_security_group_rule.server_ingress_trusted["kpasswd_udp"]: Still creating... [04m30s elapsed]
aws_security_group_rule.server_ingress_self["ldap"]: Still creating... [09m31s elapsed]
aws_security_group_rule.server_ingress_trusted["ldaps"]: Still creating... [04m31s elapsed]
aws_security_group_rule.server_egress_self["kinit_udp"]: Still creating... [04m31s elapsed]
aws_security_group_rule.server_ingress_self["http"]: Still creating... [09m31s elapsed]
aws_security_group_rule.server_ingress_trusted["https"]: Still creating... [14m40s elapsed]
aws_security_group_rule.server_egress_self["kinit_tcp"]: Still creating... [09m40s elapsed]
aws_security_group_rule.server_ingress_trusted["kinit_tcp"]: Still creating... [14m40s elapsed]
aws_security_group_rule.server_ingress_trusted["kpasswd_udp"]: Still creating... [04m40s elapsed]
aws_security_group_rule.server_ingress_self["kinit_tcp"]: Still creating... [09m40s elapsed]
aws_security_group_rule.server_egress_self["kpasswd_udp"]: Still creating... [14m40s elapsed]
aws_security_group_rule.server_ingress_trusted["ldaps"]: Still creating... [04m41s elapsed]
aws_security_group_rule.server_ingress_self["ldap"]: Still creating... [09m41s elapsed]
aws_security_group_rule.server_egress_self["kinit_udp"]: Still creating... [04m41s elapsed]
aws_security_group_rule.server_ingress_self["http"]: Still creating... [09m41s elapsed]
aws_security_group_rule.server_ingress_trusted["https"]: Still creating... [14m50s elapsed]
aws_security_group_rule.server_egress_self["kinit_tcp"]: Still creating... [09m50s elapsed]
aws_security_group_rule.server_ingress_trusted["kinit_tcp"]: Still creating... [14m50s elapsed]
aws_security_group_rule.server_egress_self["kpasswd_udp"]: Still creating... [14m50s elapsed]
aws_security_group_rule.server_ingress_self["kinit_tcp"]: Still creating... [09m50s elapsed]
aws_security_group_rule.server_ingress_trusted["kpasswd_udp"]: Still creating... [04m50s elapsed]
aws_security_group_rule.server_ingress_trusted["ldaps"]: Still creating... [04m51s elapsed]
aws_security_group_rule.server_ingress_self["ldap"]: Still creating... [09m51s elapsed]
aws_security_group_rule.server_egress_self["kinit_udp"]: Still creating... [04m51s elapsed]
aws_security_group_rule.server_ingress_self["http"]: Still creating... [09m51s elapsed]
aws_security_group_rule.server_ingress_trusted["https"]: Still creating... [15m00s elapsed]
aws_security_group_rule.server_egress_self["kinit_tcp"]: Still creating... [10m00s elapsed]
aws_security_group_rule.server_ingress_self["https"]: Creating...
aws_security_group_rule.server_ingress_self["kinit_tcp"]: Still creating... [10m00s elapsed]
aws_security_group_rule.server_ingress_trusted["kpasswd_udp"]: Still creating... [05m00s elapsed]
aws_security_group_rule.server_egress_self["kpasswd_udp"]: Still creating... [15m00s elapsed]
aws_security_group_rule.server_ingress_trusted["ldaps"]: Still creating... [05m01s elapsed]
aws_security_group_rule.server_ingress_self["ldap"]: Still creating... [10m01s elapsed]
aws_security_group_rule.server_egress_self["kinit_udp"]: Still creating... [05m01s elapsed]
aws_security_group_rule.server_ingress_self["http"]: Still creating... [10m01s elapsed]
aws_security_group_rule.server_egress_self["kinit_tcp"]: Still creating... [10m10s elapsed]
aws_security_group_rule.server_ingress_trusted["https"]: Still creating... [15m10s elapsed]
aws_security_group_rule.server_ingress_self["https"]: Still creating... [00m10s elapsed]
aws_security_group_rule.server_ingress_self["kinit_tcp"]: Still creating... [10m10s elapsed]
aws_security_group_rule.server_egress_self["kpasswd_udp"]: Still creating... [15m10s elapsed]
aws_security_group_rule.server_ingress_trusted["kpasswd_udp"]: Still creating... [05m10s elapsed]
aws_security_group_rule.server_ingress_self["ldap"]: Still creating... [10m11s elapsed]
aws_security_group_rule.server_ingress_trusted["ldaps"]: Still creating... [05m11s elapsed]
aws_security_group_rule.server_egress_self["kinit_udp"]: Still creating... [05m11s elapsed]
aws_security_group_rule.server_ingress_self["http"]: Still creating... [10m11s elapsed]
aws_security_group_rule.server_ingress_trusted["https"]: Still creating... [15m20s elapsed]
aws_security_group_rule.server_egress_self["kinit_tcp"]: Still creating... [10m20s elapsed]
aws_security_group_rule.server_ingress_self["https"]: Still creating... [00m20s elapsed]
aws_security_group_rule.server_ingress_self["kinit_tcp"]: Still creating... [10m20s elapsed]
aws_security_group_rule.server_ingress_trusted["kpasswd_udp"]: Still creating... [05m20s elapsed]
aws_security_group_rule.server_egress_self["kpasswd_udp"]: Still creating... [15m20s elapsed]
aws_security_group_rule.server_ingress_self["ldap"]: Still creating... [10m21s elapsed]
aws_security_group_rule.server_ingress_trusted["ldaps"]: Still creating... [05m21s elapsed]
aws_security_group_rule.server_egress_self["kinit_udp"]: Still creating... [05m21s elapsed]
aws_security_group_rule.server_ingress_self["http"]: Still creating... [10m21s elapsed]
aws_security_group_rule.server_egress_self["kinit_tcp"]: Still creating... [10m30s elapsed]
aws_security_group_rule.server_ingress_trusted["https"]: Still creating... [15m30s elapsed]
aws_security_group_rule.server_ingress_self["https"]: Still creating... [00m30s elapsed]
aws_security_group_rule.server_egress_self["kpasswd_udp"]: Still creating... [15m30s elapsed]
aws_security_group_rule.server_ingress_self["kinit_tcp"]: Still creating... [10m30s elapsed]
aws_security_group_rule.server_ingress_trusted["kpasswd_udp"]: Still creating... [05m30s elapsed]
aws_security_group_rule.server_ingress_trusted["ldaps"]: Still creating... [05m31s elapsed]
aws_security_group_rule.server_ingress_self["ldap"]: Still creating... [10m31s elapsed]
aws_security_group_rule.server_egress_self["kinit_udp"]: Still creating... [05m31s elapsed]
aws_security_group_rule.server_ingress_self["http"]: Still creating... [10m31s elapsed]
aws_security_group_rule.server_egress_self["kinit_tcp"]: Still creating... [10m40s elapsed]
aws_security_group_rule.server_ingress_trusted["https"]: Still creating... [15m40s elapsed]
aws_security_group_rule.server_ingress_self["https"]: Still creating... [00m40s elapsed]
aws_security_group_rule.server_ingress_trusted["kpasswd_udp"]: Still creating... [05m40s elapsed]
aws_security_group_rule.server_ingress_self["kinit_tcp"]: Still creating... [10m40s elapsed]
aws_security_group_rule.server_egress_self["kpasswd_udp"]: Still creating... [15m40s elapsed]
aws_security_group_rule.server_ingress_self["ldap"]: Still creating... [10m41s elapsed]
aws_security_group_rule.server_ingress_trusted["ldaps"]: Still creating... [05m41s elapsed]
aws_security_group_rule.server_egress_self["kinit_udp"]: Still creating... [05m41s elapsed]
aws_security_group_rule.server_ingress_self["http"]: Still creating... [10m41s elapsed]
aws_security_group_rule.server_ingress_trusted["https"]: Still creating... [15m50s elapsed]
aws_security_group_rule.server_egress_self["kinit_tcp"]: Still creating... [10m50s elapsed]
aws_security_group_rule.server_ingress_self["https"]: Still creating... [00m50s elapsed]
aws_security_group_rule.server_egress_self["kpasswd_udp"]: Still creating... [15m50s elapsed]
aws_security_group_rule.server_ingress_self["kinit_tcp"]: Still creating... [10m50s elapsed]
aws_security_group_rule.server_ingress_trusted["kpasswd_udp"]: Still creating... [05m50s elapsed]
aws_security_group_rule.server_ingress_self["ldap"]: Still creating... [10m51s elapsed]
aws_security_group_rule.server_ingress_trusted["ldaps"]: Still creating... [05m51s elapsed]
aws_security_group_rule.server_egress_self["kinit_udp"]: Still creating... [05m51s elapsed]
aws_security_group_rule.server_ingress_self["http"]: Still creating... [10m51s elapsed]
aws_security_group_rule.server_egress_self["kinit_tcp"]: Still creating... [11m00s elapsed]
aws_security_group_rule.server_ingress_trusted["https"]: Still creating... [16m00s elapsed]
aws_security_group_rule.server_ingress_self["https"]: Still creating... [01m00s elapsed]
aws_security_group_rule.server_ingress_trusted["kpasswd_udp"]: Still creating... [06m00s elapsed]
aws_security_group_rule.server_egress_self["kpasswd_udp"]: Still creating... [16m00s elapsed]
aws_security_group_rule.server_ingress_self["kinit_tcp"]: Still creating... [11m00s elapsed]
aws_security_group_rule.server_ingress_self["ldap"]: Still creating... [11m01s elapsed]
aws_security_group_rule.server_ingress_trusted["ldaps"]: Still creating... [06m01s elapsed]
aws_security_group_rule.server_egress_self["kinit_udp"]: Still creating... [06m01s elapsed]
aws_security_group_rule.server_ingress_self["http"]: Still creating... [11m01s elapsed]
aws_security_group_rule.server_egress_self["kinit_tcp"]: Still creating... [11m10s elapsed]
aws_security_group_rule.server_ingress_trusted["https"]: Still creating... [16m10s elapsed]
aws_security_group_rule.server_ingress_self["https"]: Still creating... [01m10s elapsed]
aws_security_group_rule.server_ingress_trusted["kpasswd_udp"]: Still creating... [06m10s elapsed]
aws_security_group_rule.server_egress_self["kpasswd_udp"]: Still creating... [16m10s elapsed]
aws_security_group_rule.server_ingress_self["kinit_tcp"]: Still creating... [11m10s elapsed]
aws_security_group_rule.server_ingress_self["ldap"]: Still creating... [11m11s elapsed]
aws_security_group_rule.server_ingress_trusted["ldaps"]: Still creating... [06m11s elapsed]
aws_security_group_rule.server_egress_self["kinit_udp"]: Still creating... [06m11s elapsed]
aws_security_group_rule.server_ingress_self["http"]: Still creating... [11m11s elapsed]
aws_security_group_rule.server_ingress_trusted["https"]: Still creating... [16m20s elapsed]
aws_security_group_rule.server_egress_self["kinit_tcp"]: Still creating... [11m20s elapsed]
aws_security_group_rule.server_ingress_self["https"]: Still creating... [01m20s elapsed]
aws_security_group_rule.server_egress_self["kpasswd_udp"]: Still creating... [16m20s elapsed]
aws_security_group_rule.server_ingress_trusted["kpasswd_udp"]: Still creating... [06m20s elapsed]
aws_security_group_rule.server_ingress_self["kinit_tcp"]: Still creating... [11m20s elapsed]
aws_security_group_rule.server_ingress_self["ldap"]: Still creating... [11m21s elapsed]
aws_security_group_rule.server_ingress_trusted["ldaps"]: Still creating... [06m21s elapsed]
aws_security_group_rule.server_egress_self["kinit_udp"]: Still creating... [06m21s elapsed]
aws_security_group_rule.server_ingress_self["http"]: Still creating... [11m21s elapsed]
aws_security_group_rule.server_egress_self["kinit_tcp"]: Still creating... [11m30s elapsed]
aws_security_group_rule.server_ingress_trusted["https"]: Still creating... [16m30s elapsed]
aws_security_group_rule.server_ingress_self["https"]: Still creating... [01m30s elapsed]
aws_security_group_rule.server_ingress_self["kinit_tcp"]: Still creating... [11m30s elapsed]
aws_security_group_rule.server_egress_self["kpasswd_udp"]: Still creating... [16m30s elapsed]
aws_security_group_rule.server_ingress_trusted["kpasswd_udp"]: Still creating... [06m30s elapsed]
aws_security_group_rule.server_ingress_trusted["ldaps"]: Still creating... [06m31s elapsed]
aws_security_group_rule.server_ingress_self["ldap"]: Still creating... [11m31s elapsed]
aws_security_group_rule.server_egress_self["kinit_udp"]: Still creating... [06m31s elapsed]
aws_security_group_rule.server_ingress_self["http"]: Still creating... [11m31s elapsed]
aws_security_group_rule.server_egress_self["kinit_tcp"]: Still creating... [11m40s elapsed]
aws_security_group_rule.server_ingress_trusted["https"]: Still creating... [16m40s elapsed]
aws_security_group_rule.server_ingress_self["https"]: Still creating... [01m40s elapsed]
aws_security_group_rule.server_egress_self["kpasswd_udp"]: Still creating... [16m40s elapsed]
aws_security_group_rule.server_ingress_self["kinit_tcp"]: Still creating... [11m40s elapsed]
aws_security_group_rule.server_ingress_trusted["kpasswd_udp"]: Still creating... [06m40s elapsed]
aws_security_group_rule.server_ingress_self["ldap"]: Still creating... [11m41s elapsed]
aws_security_group_rule.server_ingress_trusted["ldaps"]: Still creating... [06m41s elapsed]
aws_security_group_rule.server_egress_self["kinit_udp"]: Still creating... [06m41s elapsed]
aws_security_group_rule.server_ingress_self["http"]: Still creating... [11m41s elapsed]
aws_security_group_rule.server_egress_self["kinit_tcp"]: Still creating... [11m50s elapsed]
aws_security_group_rule.server_ingress_trusted["https"]: Still creating... [16m50s elapsed]
aws_security_group_rule.server_ingress_self["https"]: Still creating... [01m50s elapsed]
aws_security_group_rule.server_ingress_self["kinit_tcp"]: Still creating... [11m51s elapsed]
aws_security_group_rule.server_ingress_trusted["kpasswd_udp"]: Still creating... [06m51s elapsed]
aws_security_group_rule.server_egress_self["kpasswd_udp"]: Still creating... [16m51s elapsed]
aws_security_group_rule.server_ingress_self["ldap"]: Still creating... [11m51s elapsed]
aws_security_group_rule.server_ingress_trusted["ldaps"]: Still creating... [06m51s elapsed]
aws_security_group_rule.server_egress_self["kinit_udp"]: Still creating... [06m51s elapsed]
aws_security_group_rule.server_ingress_self["http"]: Still creating... [11m51s elapsed]
aws_security_group_rule.server_ingress_trusted["https"]: Still creating... [17m00s elapsed]
aws_security_group_rule.server_egress_self["kinit_tcp"]: Still creating... [12m00s elapsed]
aws_security_group_rule.server_ingress_self["https"]: Still creating... [02m00s elapsed]
aws_security_group_rule.server_egress_self["kpasswd_udp"]: Still creating... [17m01s elapsed]
aws_security_group_rule.server_ingress_self["kinit_tcp"]: Still creating... [12m01s elapsed]
aws_security_group_rule.server_ingress_trusted["kpasswd_udp"]: Still creating... [07m01s elapsed]
aws_security_group_rule.server_ingress_self["ldap"]: Still creating... [12m01s elapsed]
aws_security_group_rule.server_ingress_trusted["ldaps"]: Still creating... [07m01s elapsed]
aws_security_group_rule.server_egress_self["kinit_udp"]: Still creating... [07m01s elapsed]
aws_security_group_rule.server_ingress_self["http"]: Still creating... [12m01s elapsed]
aws_security_group_rule.server_egress_self["kinit_tcp"]: Still creating... [12m10s elapsed]
aws_security_group_rule.server_ingress_trusted["https"]: Still creating... [17m10s elapsed]
aws_security_group_rule.server_ingress_self["https"]: Still creating... [02m10s elapsed]
aws_security_group_rule.server_ingress_trusted["kpasswd_udp"]: Still creating... [07m11s elapsed]
aws_security_group_rule.server_egress_self["kpasswd_udp"]: Still creating... [17m11s elapsed]
aws_security_group_rule.server_ingress_self["kinit_tcp"]: Still creating... [12m11s elapsed]
aws_security_group_rule.server_ingress_self["ldap"]: Still creating... [12m11s elapsed]
aws_security_group_rule.server_ingress_trusted["ldaps"]: Still creating... [07m11s elapsed]
aws_security_group_rule.server_egress_self["kinit_udp"]: Still creating... [07m11s elapsed]
aws_security_group_rule.server_ingress_self["http"]: Still creating... [12m11s elapsed]
aws_security_group_rule.server_ingress_self["https"]: Still creating... [02m20s elapsed]
aws_security_group_rule.server_egress_self["kinit_tcp"]: Still creating... [12m20s elapsed]
aws_security_group_rule.server_ingress_trusted["https"]: Still creating... [17m20s elapsed]
aws_security_group_rule.server_ingress_self["kinit_tcp"]: Still creating... [12m21s elapsed]
aws_security_group_rule.server_egress_self["kpasswd_udp"]: Still creating... [17m21s elapsed]
aws_security_group_rule.server_ingress_trusted["kpasswd_udp"]: Still creating... [07m21s elapsed]
aws_security_group_rule.server_ingress_self["ldap"]: Still creating... [12m21s elapsed]
aws_security_group_rule.server_ingress_trusted["ldaps"]: Still creating... [07m21s elapsed]
aws_security_group_rule.server_egress_self["kinit_udp"]: Still creating... [07m21s elapsed]
aws_security_group_rule.server_ingress_self["http"]: Still creating... [12m21s elapsed]
aws_security_group_rule.server_egress_self["kinit_tcp"]: Still creating... [12m30s elapsed]
aws_security_group_rule.server_ingress_trusted["https"]: Still creating... [17m30s elapsed]
aws_security_group_rule.server_ingress_self["https"]: Still creating... [02m30s elapsed]
aws_security_group_rule.server_ingress_trusted["kpasswd_udp"]: Still creating... [07m31s elapsed]
aws_security_group_rule.server_ingress_self["kinit_tcp"]: Still creating... [12m31s elapsed]
aws_security_group_rule.server_egress_self["kpasswd_udp"]: Still creating... [17m31s elapsed]
aws_security_group_rule.server_ingress_trusted["ldaps"]: Still creating... [07m31s elapsed]
aws_security_group_rule.server_ingress_self["ldap"]: Still creating... [12m31s elapsed]
aws_security_group_rule.server_egress_self["kinit_udp"]: Still creating... [07m31s elapsed]
aws_security_group_rule.server_ingress_self["http"]: Still creating... [12m31s elapsed]
aws_security_group_rule.server_ingress_self["https"]: Still creating... [02m40s elapsed]
aws_security_group_rule.server_egress_self["kinit_tcp"]: Still creating... [12m40s elapsed]
aws_security_group_rule.server_ingress_trusted["https"]: Still creating... [17m40s elapsed]
aws_security_group_rule.server_egress_self["kpasswd_udp"]: Still creating... [17m41s elapsed]
aws_security_group_rule.server_ingress_self["kinit_tcp"]: Still creating... [12m41s elapsed]
aws_security_group_rule.server_ingress_trusted["kpasswd_udp"]: Still creating... [07m41s elapsed]
aws_security_group_rule.server_ingress_self["ldap"]: Still creating... [12m41s elapsed]
aws_security_group_rule.server_ingress_trusted["ldaps"]: Still creating... [07m41s elapsed]
aws_security_group_rule.server_egress_self["kinit_udp"]: Still creating... [07m41s elapsed]
aws_security_group_rule.server_ingress_self["http"]: Still creating... [12m41s elapsed]
aws_security_group_rule.server_ingress_trusted["https"]: Still creating... [17m50s elapsed]
aws_security_group_rule.server_egress_self["kinit_tcp"]: Still creating... [12m50s elapsed]
aws_security_group_rule.server_ingress_self["https"]: Still creating... [02m50s elapsed]
aws_security_group_rule.server_egress_self["kpasswd_udp"]: Still creating... [17m51s elapsed]
aws_security_group_rule.server_ingress_trusted["kpasswd_udp"]: Still creating... [07m51s elapsed]
aws_security_group_rule.server_ingress_self["kinit_tcp"]: Still creating... [12m51s elapsed]
aws_security_group_rule.server_ingress_trusted["ldaps"]: Still creating... [07m51s elapsed]
aws_security_group_rule.server_ingress_self["ldap"]: Still creating... [12m51s elapsed]
aws_security_group_rule.server_egress_self["kinit_udp"]: Still creating... [07m51s elapsed]
aws_security_group_rule.server_ingress_self["http"]: Still creating... [12m51s elapsed]
aws_security_group_rule.server_ingress_trusted["https"]: Still creating... [18m00s elapsed]
aws_security_group_rule.server_egress_self["kinit_tcp"]: Still creating... [13m00s elapsed]
aws_security_group_rule.server_ingress_self["https"]: Still creating... [03m00s elapsed]
aws_security_group_rule.server_ingress_trusted["kpasswd_udp"]: Still creating... [08m01s elapsed]
aws_security_group_rule.server_ingress_self["kinit_tcp"]: Still creating... [13m01s elapsed]
aws_security_group_rule.server_egress_self["kpasswd_udp"]: Still creating... [18m01s elapsed]
aws_security_group_rule.server_ingress_trusted["ldaps"]: Still creating... [08m01s elapsed]
aws_security_group_rule.server_ingress_self["ldap"]: Still creating... [13m01s elapsed]
aws_security_group_rule.server_egress_self["kinit_udp"]: Still creating... [08m01s elapsed]
aws_security_group_rule.server_ingress_self["http"]: Still creating... [13m01s elapsed]
aws_security_group_rule.server_ingress_trusted["https"]: Still creating... [18m11s elapsed]
aws_security_group_rule.server_egress_self["kinit_tcp"]: Still creating... [13m11s elapsed]
aws_security_group_rule.server_ingress_self["https"]: Still creating... [03m11s elapsed]
aws_security_group_rule.server_ingress_self["kinit_tcp"]: Still creating... [13m11s elapsed]
aws_security_group_rule.server_ingress_trusted["kpasswd_udp"]: Still creating... [08m11s elapsed]
aws_security_group_rule.server_egress_self["kpasswd_udp"]: Still creating... [18m11s elapsed]
aws_security_group_rule.server_ingress_trusted["ldaps"]: Still creating... [08m11s elapsed]
aws_security_group_rule.server_ingress_self["ldap"]: Still creating... [13m11s elapsed]
aws_security_group_rule.server_egress_self["kinit_udp"]: Still creating... [08m11s elapsed]
aws_security_group_rule.server_ingress_self["http"]: Still creating... [13m11s elapsed]
aws_security_group_rule.server_egress_self["kinit_tcp"]: Still creating... [13m21s elapsed]
aws_security_group_rule.server_ingress_self["https"]: Still creating... [03m21s elapsed]
aws_security_group_rule.server_ingress_trusted["https"]: Still creating... [18m21s elapsed]
aws_security_group_rule.server_ingress_self["kinit_tcp"]: Still creating... [13m21s elapsed]
aws_security_group_rule.server_egress_self["kpasswd_udp"]: Still creating... [18m21s elapsed]
aws_security_group_rule.server_ingress_trusted["kpasswd_udp"]: Still creating... [08m21s elapsed]
aws_security_group_rule.server_ingress_trusted["ldaps"]: Still creating... [08m21s elapsed]
aws_security_group_rule.server_ingress_self["ldap"]: Still creating... [13m21s elapsed]
aws_security_group_rule.server_egress_self["kinit_udp"]: Still creating... [08m21s elapsed]
aws_security_group_rule.server_ingress_self["http"]: Still creating... [13m21s elapsed]
aws_security_group_rule.server_ingress_self["https"]: Still creating... [03m31s elapsed]
aws_security_group_rule.server_ingress_trusted["https"]: Still creating... [18m31s elapsed]
aws_security_group_rule.server_egress_self["kinit_tcp"]: Still creating... [13m31s elapsed]
aws_security_group_rule.server_ingress_self["kinit_tcp"]: Still creating... [13m31s elapsed]
aws_security_group_rule.server_egress_self["kpasswd_udp"]: Still creating... [18m31s elapsed]
aws_security_group_rule.server_ingress_trusted["kpasswd_udp"]: Still creating... [08m31s elapsed]
aws_security_group_rule.server_ingress_trusted["ldaps"]: Still creating... [08m31s elapsed]
aws_security_group_rule.server_ingress_self["ldap"]: Still creating... [13m31s elapsed]
aws_security_group_rule.server_egress_self["kinit_udp"]: Still creating... [08m31s elapsed]
aws_security_group_rule.server_ingress_self["http"]: Still creating... [13m31s elapsed]
aws_security_group_rule.server_ingress_trusted["https"]: Still creating... [18m41s elapsed]
aws_security_group_rule.server_ingress_self["https"]: Still creating... [03m41s elapsed]
aws_security_group_rule.server_egress_self["kinit_tcp"]: Still creating... [13m41s elapsed]
aws_security_group_rule.server_egress_self["kpasswd_udp"]: Still creating... [18m41s elapsed]
aws_security_group_rule.server_ingress_self["kinit_tcp"]: Still creating... [13m41s elapsed]
aws_security_group_rule.server_ingress_trusted["kpasswd_udp"]: Still creating... [08m41s elapsed]
aws_security_group_rule.server_ingress_trusted["ldaps"]: Still creating... [08m41s elapsed]
aws_security_group_rule.server_ingress_self["ldap"]: Still creating... [13m41s elapsed]
aws_security_group_rule.server_egress_self["kinit_udp"]: Still creating... [08m41s elapsed]
aws_security_group_rule.server_ingress_self["http"]: Still creating... [13m41s elapsed]
aws_security_group_rule.server_ingress_self["https"]: Still creating... [03m51s elapsed]
aws_security_group_rule.server_ingress_trusted["https"]: Still creating... [18m51s elapsed]
aws_security_group_rule.server_egress_self["kinit_tcp"]: Still creating... [13m51s elapsed]
aws_security_group_rule.server_ingress_trusted["kpasswd_udp"]: Still creating... [08m51s elapsed]
aws_security_group_rule.server_ingress_self["kinit_tcp"]: Still creating... [13m51s elapsed]
aws_security_group_rule.server_egress_self["kpasswd_udp"]: Still creating... [18m51s elapsed]
aws_security_group_rule.server_ingress_self["ldap"]: Still creating... [13m51s elapsed]
aws_security_group_rule.server_ingress_trusted["ldaps"]: Still creating... [08m51s elapsed]
aws_security_group_rule.server_egress_self["kinit_udp"]: Still creating... [08m51s elapsed]
aws_security_group_rule.server_ingress_self["http"]: Still creating... [13m51s elapsed]
aws_security_group_rule.server_ingress_trusted["https"]: Still creating... [19m01s elapsed]
aws_security_group_rule.server_egress_self["kinit_tcp"]: Still creating... [14m01s elapsed]
aws_security_group_rule.server_ingress_self["https"]: Still creating... [04m01s elapsed]
aws_security_group_rule.server_egress_self["kpasswd_udp"]: Still creating... [19m01s elapsed]
aws_security_group_rule.server_ingress_trusted["kpasswd_udp"]: Still creating... [09m01s elapsed]
aws_security_group_rule.server_ingress_self["kinit_tcp"]: Still creating... [14m01s elapsed]
aws_security_group_rule.server_ingress_self["ldap"]: Still creating... [14m01s elapsed]
aws_security_group_rule.server_ingress_trusted["ldaps"]: Still creating... [09m01s elapsed]
aws_security_group_rule.server_egress_self["kinit_udp"]: Still creating... [09m01s elapsed]
aws_security_group_rule.server_ingress_self["http"]: Still creating... [14m01s elapsed]
aws_security_group_rule.server_ingress_trusted["https"]: Still creating... [19m11s elapsed]
aws_security_group_rule.server_ingress_self["https"]: Still creating... [04m11s elapsed]
aws_security_group_rule.server_egress_self["kinit_tcp"]: Still creating... [14m11s elapsed]
aws_security_group_rule.server_ingress_self["kinit_tcp"]: Still creating... [14m11s elapsed]
aws_security_group_rule.server_ingress_trusted["kpasswd_udp"]: Still creating... [09m11s elapsed]
aws_security_group_rule.server_egress_self["kpasswd_udp"]: Still creating... [19m11s elapsed]
aws_security_group_rule.server_ingress_self["ldap"]: Still creating... [14m11s elapsed]
aws_security_group_rule.server_ingress_trusted["ldaps"]: Still creating... [09m11s elapsed]
aws_security_group_rule.server_egress_self["kinit_udp"]: Still creating... [09m11s elapsed]
aws_security_group_rule.server_ingress_self["http"]: Still creating... [14m11s elapsed]
aws_security_group_rule.server_egress_self["kinit_tcp"]: Still creating... [14m21s elapsed]
aws_security_group_rule.server_ingress_trusted["https"]: Still creating... [19m21s elapsed]
aws_security_group_rule.server_ingress_self["https"]: Still creating... [04m21s elapsed]
aws_security_group_rule.server_ingress_trusted["kpasswd_udp"]: Still creating... [09m21s elapsed]
aws_security_group_rule.server_ingress_self["kinit_tcp"]: Still creating... [14m21s elapsed]
aws_security_group_rule.server_egress_self["kpasswd_udp"]: Still creating... [19m21s elapsed]
aws_security_group_rule.server_ingress_trusted["ldaps"]: Still creating... [09m21s elapsed]
aws_security_group_rule.server_ingress_self["ldap"]: Still creating... [14m21s elapsed]
aws_security_group_rule.server_egress_self["kinit_udp"]: Still creating... [09m21s elapsed]
aws_security_group_rule.server_ingress_self["http"]: Still creating... [14m21s elapsed]
aws_security_group_rule.server_ingress_self["https"]: Still creating... [04m31s elapsed]
aws_security_group_rule.server_ingress_trusted["https"]: Still creating... [19m31s elapsed]
aws_security_group_rule.server_egress_self["kinit_tcp"]: Still creating... [14m31s elapsed]
aws_security_group_rule.server_egress_self["kpasswd_udp"]: Still creating... [19m31s elapsed]
aws_security_group_rule.server_ingress_self["kinit_tcp"]: Still creating... [14m31s elapsed]
aws_security_group_rule.server_ingress_trusted["kpasswd_udp"]: Still creating... [09m31s elapsed]
aws_security_group_rule.server_ingress_self["ldap"]: Still creating... [14m31s elapsed]
aws_security_group_rule.server_ingress_trusted["ldaps"]: Still creating... [09m31s elapsed]
aws_security_group_rule.server_egress_self["kinit_udp"]: Still creating... [09m31s elapsed]
aws_security_group_rule.server_ingress_self["http"]: Still creating... [14m31s elapsed]
aws_security_group_rule.server_egress_self["kinit_tcp"]: Still creating... [14m41s elapsed]
aws_security_group_rule.server_ingress_self["https"]: Still creating... [04m41s elapsed]
aws_security_group_rule.server_ingress_trusted["https"]: Still creating... [19m41s elapsed]
aws_security_group_rule.server_ingress_trusted["kpasswd_udp"]: Still creating... [09m41s elapsed]
aws_security_group_rule.server_ingress_self["kinit_tcp"]: Still creating... [14m41s elapsed]
aws_security_group_rule.server_egress_self["kpasswd_udp"]: Still creating... [19m41s elapsed]
aws_security_group_rule.server_ingress_trusted["ldaps"]: Still creating... [09m41s elapsed]
aws_security_group_rule.server_ingress_self["ldap"]: Still creating... [14m41s elapsed]
aws_security_group_rule.server_egress_self["kinit_udp"]: Still creating... [09m41s elapsed]
aws_security_group_rule.server_ingress_self["http"]: Still creating... [14m41s elapsed]
aws_security_group_rule.server_ingress_trusted["https"]: Still creating... [19m51s elapsed]
aws_security_group_rule.server_egress_self["kinit_tcp"]: Still creating... [14m51s elapsed]
aws_security_group_rule.server_ingress_self["https"]: Still creating... [04m51s elapsed]
aws_security_group_rule.server_egress_self["kpasswd_udp"]: Still creating... [19m51s elapsed]
aws_security_group_rule.server_ingress_trusted["kpasswd_udp"]: Still creating... [09m51s elapsed]
aws_security_group_rule.server_ingress_self["kinit_tcp"]: Still creating... [14m51s elapsed]
aws_security_group_rule.server_ingress_trusted["ldaps"]: Still creating... [09m51s elapsed]
aws_security_group_rule.server_ingress_self["ldap"]: Still creating... [14m51s elapsed]
aws_security_group_rule.server_egress_self["kinit_udp"]: Still creating... [09m51s elapsed]
aws_security_group_rule.server_ingress_self["http"]: Still creating... [14m51s elapsed]
aws_security_group_rule.server_ingress_clients["ldaps"]: Creating...
aws_security_group_rule.server_egress_self["kpasswd_udp"]: Creation complete after 20m0s [id=sgrule-3349129268]
aws_security_group_rule.server_ingress_clients["https"]: Creating...
aws_security_group_rule.server_egress_self["kinit_tcp"]: Creation complete after 15m1s [id=sgrule-2035194684]
aws_security_group_rule.server_ingress_self["kpasswd_udp"]: Creating...
aws_security_group_rule.server_ingress_self["https"]: Still creating... [05m01s elapsed]
aws_security_group_rule.server_ingress_self["kinit_tcp"]: Creation complete after 15m1s [id=sgrule-3179399011]
aws_security_group_rule.server_ingress_clients["kinit_udp"]: Creating...
aws_security_group_rule.server_ingress_trusted["kpasswd_udp"]: Still creating... [10m01s elapsed]
aws_security_group_rule.server_ingress_self["ldap"]: Creation complete after 15m1s [id=sgrule-1348802901]
aws_security_group_rule.server_ingress_clients["http"]: Creating...
aws_security_group_rule.server_ingress_self["http"]: Creation complete after 15m1s [id=sgrule-3573162438]
aws_security_group_rule.server_ingress_clients["ldap"]: Creating...
aws_security_group_rule.server_ingress_trusted["ldaps"]: Still creating... [10m01s elapsed]
aws_security_group_rule.server_egress_self["kinit_udp"]: Still creating... [10m01s elapsed]
aws_security_group_rule.server_ingress_clients["ldaps"]: Still creating... [00m10s elapsed]
aws_security_group_rule.server_ingress_clients["https"]: Still creating... [00m10s elapsed]
aws_security_group_rule.server_ingress_self["kpasswd_udp"]: Still creating... [00m10s elapsed]
aws_security_group_rule.server_ingress_self["https"]: Still creating... [05m11s elapsed]
aws_security_group_rule.server_ingress_clients["kinit_udp"]: Still creating... [00m10s elapsed]
aws_security_group_rule.server_ingress_trusted["kpasswd_udp"]: Still creating... [10m11s elapsed]
aws_security_group_rule.server_ingress_clients["http"]: Still creating... [00m10s elapsed]
aws_security_group_rule.server_ingress_clients["ldap"]: Still creating... [00m10s elapsed]
aws_security_group_rule.server_ingress_trusted["ldaps"]: Still creating... [10m11s elapsed]
aws_security_group_rule.server_egress_self["kinit_udp"]: Still creating... [10m11s elapsed]
aws_security_group_rule.server_ingress_clients["ldaps"]: Still creating... [00m20s elapsed]
aws_security_group_rule.server_ingress_clients["https"]: Still creating... [00m20s elapsed]
aws_security_group_rule.server_ingress_self["kpasswd_udp"]: Still creating... [00m20s elapsed]
aws_security_group_rule.server_ingress_self["https"]: Still creating... [05m21s elapsed]
aws_security_group_rule.server_ingress_trusted["kpasswd_udp"]: Still creating... [10m21s elapsed]
aws_security_group_rule.server_ingress_clients["kinit_udp"]: Still creating... [00m20s elapsed]
aws_security_group_rule.server_ingress_clients["http"]: Still creating... [00m20s elapsed]
aws_security_group_rule.server_ingress_clients["ldap"]: Still creating... [00m20s elapsed]
aws_security_group_rule.server_ingress_trusted["ldaps"]: Still creating... [10m21s elapsed]
aws_security_group_rule.server_egress_self["kinit_udp"]: Still creating... [10m21s elapsed]
aws_security_group_rule.server_ingress_clients["ldaps"]: Still creating... [00m30s elapsed]
aws_security_group_rule.server_ingress_clients["https"]: Still creating... [00m30s elapsed]
aws_security_group_rule.server_ingress_self["https"]: Still creating... [05m31s elapsed]
aws_security_group_rule.server_ingress_self["kpasswd_udp"]: Still creating... [00m30s elapsed]
aws_security_group_rule.server_ingress_clients["kinit_udp"]: Still creating... [00m30s elapsed]
aws_security_group_rule.server_ingress_trusted["kpasswd_udp"]: Still creating... [10m31s elapsed]
aws_security_group_rule.server_ingress_clients["http"]: Still creating... [00m30s elapsed]
aws_security_group_rule.server_ingress_clients["ldap"]: Still creating... [00m30s elapsed]
aws_security_group_rule.server_ingress_trusted["ldaps"]: Still creating... [10m31s elapsed]
aws_security_group_rule.server_egress_self["kinit_udp"]: Still creating... [10m31s elapsed]
aws_security_group_rule.server_ingress_clients["ldaps"]: Still creating... [00m40s elapsed]
aws_security_group_rule.server_ingress_clients["https"]: Still creating... [00m40s elapsed]
aws_security_group_rule.server_ingress_self["kpasswd_udp"]: Still creating... [00m40s elapsed]
aws_security_group_rule.server_ingress_self["https"]: Still creating... [05m41s elapsed]
aws_security_group_rule.server_ingress_clients["kinit_udp"]: Still creating... [00m40s elapsed]
aws_security_group_rule.server_ingress_trusted["kpasswd_udp"]: Still creating... [10m41s elapsed]
aws_security_group_rule.server_ingress_clients["http"]: Still creating... [00m40s elapsed]
aws_security_group_rule.server_ingress_clients["ldap"]: Still creating... [00m40s elapsed]
aws_security_group_rule.server_ingress_trusted["ldaps"]: Still creating... [10m41s elapsed]
aws_security_group_rule.server_egress_self["kinit_udp"]: Still creating... [10m41s elapsed]
aws_security_group_rule.server_ingress_clients["ldaps"]: Still creating... [00m50s elapsed]
aws_security_group_rule.server_ingress_clients["https"]: Still creating... [00m50s elapsed]
aws_security_group_rule.server_ingress_self["https"]: Still creating... [05m51s elapsed]
aws_security_group_rule.server_ingress_self["kpasswd_udp"]: Still creating... [00m50s elapsed]
aws_security_group_rule.server_ingress_clients["kinit_udp"]: Still creating... [00m50s elapsed]
aws_security_group_rule.server_ingress_trusted["kpasswd_udp"]: Still creating... [10m51s elapsed]
aws_security_group_rule.server_ingress_clients["http"]: Still creating... [00m50s elapsed]
aws_security_group_rule.server_ingress_clients["ldap"]: Still creating... [00m50s elapsed]
aws_security_group_rule.server_ingress_trusted["ldaps"]: Still creating... [10m51s elapsed]
aws_security_group_rule.server_egress_self["kinit_udp"]: Still creating... [10m51s elapsed]
aws_security_group_rule.server_ingress_clients["ldaps"]: Still creating... [01m00s elapsed]
aws_security_group_rule.server_ingress_clients["https"]: Still creating... [01m00s elapsed]
aws_security_group_rule.server_ingress_self["https"]: Still creating... [06m01s elapsed]
aws_security_group_rule.server_ingress_self["kpasswd_udp"]: Still creating... [01m00s elapsed]
aws_security_group_rule.server_ingress_trusted["kpasswd_udp"]: Still creating... [11m01s elapsed]
aws_security_group_rule.server_ingress_clients["kinit_udp"]: Still creating... [01m00s elapsed]
aws_security_group_rule.server_ingress_clients["http"]: Still creating... [01m00s elapsed]
aws_security_group_rule.server_ingress_clients["ldap"]: Still creating... [01m00s elapsed]
aws_security_group_rule.server_ingress_trusted["ldaps"]: Still creating... [11m01s elapsed]
aws_security_group_rule.server_egress_self["kinit_udp"]: Still creating... [11m01s elapsed]
aws_security_group_rule.server_ingress_clients["ldaps"]: Still creating... [01m11s elapsed]
aws_security_group_rule.server_ingress_clients["https"]: Still creating... [01m10s elapsed]
aws_security_group_rule.server_ingress_self["https"]: Still creating... [06m11s elapsed]
aws_security_group_rule.server_ingress_self["kpasswd_udp"]: Still creating... [01m10s elapsed]
aws_security_group_rule.server_ingress_clients["kinit_udp"]: Still creating... [01m10s elapsed]
aws_security_group_rule.server_ingress_trusted["kpasswd_udp"]: Still creating... [11m11s elapsed]
aws_security_group_rule.server_ingress_clients["http"]: Still creating... [01m10s elapsed]
aws_security_group_rule.server_ingress_clients["ldap"]: Still creating... [01m10s elapsed]
aws_security_group_rule.server_ingress_trusted["ldaps"]: Still creating... [11m11s elapsed]
aws_security_group_rule.server_egress_self["kinit_udp"]: Still creating... [11m11s elapsed]
aws_security_group_rule.server_ingress_clients["ldaps"]: Still creating... [01m21s elapsed]
aws_security_group_rule.server_ingress_clients["https"]: Still creating... [01m20s elapsed]
aws_security_group_rule.server_ingress_self["kpasswd_udp"]: Still creating... [01m20s elapsed]
aws_security_group_rule.server_ingress_self["https"]: Still creating... [06m21s elapsed]
aws_security_group_rule.server_ingress_clients["kinit_udp"]: Still creating... [01m20s elapsed]
aws_security_group_rule.server_ingress_trusted["kpasswd_udp"]: Still creating... [11m21s elapsed]
aws_security_group_rule.server_ingress_clients["http"]: Still creating... [01m20s elapsed]
aws_security_group_rule.server_ingress_clients["ldap"]: Still creating... [01m20s elapsed]
aws_security_group_rule.server_ingress_trusted["ldaps"]: Still creating... [11m21s elapsed]
aws_security_group_rule.server_egress_self["kinit_udp"]: Still creating... [11m21s elapsed]
aws_security_group_rule.server_ingress_clients["ldaps"]: Still creating... [01m31s elapsed]
aws_security_group_rule.server_ingress_clients["https"]: Still creating... [01m30s elapsed]
aws_security_group_rule.server_ingress_self["https"]: Still creating... [06m31s elapsed]
aws_security_group_rule.server_ingress_self["kpasswd_udp"]: Still creating... [01m30s elapsed]
aws_security_group_rule.server_ingress_trusted["kpasswd_udp"]: Still creating... [11m31s elapsed]
aws_security_group_rule.server_ingress_clients["kinit_udp"]: Still creating... [01m30s elapsed]
aws_security_group_rule.server_ingress_clients["http"]: Still creating... [01m30s elapsed]
aws_security_group_rule.server_ingress_clients["ldap"]: Still creating... [01m30s elapsed]
aws_security_group_rule.server_ingress_trusted["ldaps"]: Still creating... [11m31s elapsed]
aws_security_group_rule.server_egress_self["kinit_udp"]: Still creating... [11m31s elapsed]
aws_security_group_rule.server_ingress_clients["ldaps"]: Still creating... [01m41s elapsed]
aws_security_group_rule.server_ingress_clients["https"]: Still creating... [01m40s elapsed]
aws_security_group_rule.server_ingress_self["https"]: Still creating... [06m41s elapsed]
aws_security_group_rule.server_ingress_self["kpasswd_udp"]: Still creating... [01m40s elapsed]
aws_security_group_rule.server_ingress_trusted["kpasswd_udp"]: Still creating... [11m41s elapsed]
aws_security_group_rule.server_ingress_clients["kinit_udp"]: Still creating... [01m40s elapsed]
aws_security_group_rule.server_ingress_clients["http"]: Still creating... [01m40s elapsed]
aws_security_group_rule.server_ingress_clients["ldap"]: Still creating... [01m40s elapsed]
aws_security_group_rule.server_ingress_trusted["ldaps"]: Still creating... [11m41s elapsed]
aws_security_group_rule.server_egress_self["kinit_udp"]: Still creating... [11m41s elapsed]
aws_security_group_rule.server_ingress_clients["ldaps"]: Still creating... [01m51s elapsed]
aws_security_group_rule.server_ingress_clients["https"]: Still creating... [01m50s elapsed]
aws_security_group_rule.server_ingress_self["kpasswd_udp"]: Still creating... [01m50s elapsed]
aws_security_group_rule.server_ingress_self["https"]: Still creating... [06m51s elapsed]
aws_security_group_rule.server_ingress_clients["kinit_udp"]: Still creating... [01m50s elapsed]
aws_security_group_rule.server_ingress_trusted["kpasswd_udp"]: Still creating... [11m51s elapsed]
aws_security_group_rule.server_ingress_clients["http"]: Still creating... [01m50s elapsed]
aws_security_group_rule.server_ingress_clients["ldap"]: Still creating... [01m50s elapsed]
aws_security_group_rule.server_ingress_trusted["ldaps"]: Still creating... [11m51s elapsed]
aws_security_group_rule.server_egress_self["kinit_udp"]: Still creating... [11m51s elapsed]
aws_security_group_rule.server_ingress_clients["ldaps"]: Still creating... [02m01s elapsed]
aws_security_group_rule.server_ingress_clients["https"]: Still creating... [02m00s elapsed]
aws_security_group_rule.server_ingress_self["https"]: Still creating... [07m01s elapsed]
aws_security_group_rule.server_ingress_self["kpasswd_udp"]: Still creating... [02m00s elapsed]
aws_security_group_rule.server_ingress_trusted["kpasswd_udp"]: Still creating... [12m01s elapsed]
aws_security_group_rule.server_ingress_clients["kinit_udp"]: Still creating... [02m00s elapsed]
aws_security_group_rule.server_ingress_clients["http"]: Still creating... [02m00s elapsed]
aws_security_group_rule.server_ingress_clients["ldap"]: Still creating... [02m00s elapsed]
aws_security_group_rule.server_ingress_trusted["ldaps"]: Still creating... [12m01s elapsed]
aws_security_group_rule.server_egress_self["kinit_udp"]: Still creating... [12m01s elapsed]
aws_security_group_rule.server_ingress_clients["ldaps"]: Still creating... [02m11s elapsed]
aws_security_group_rule.server_ingress_clients["https"]: Still creating... [02m10s elapsed]
aws_security_group_rule.server_ingress_self["https"]: Still creating... [07m11s elapsed]
aws_security_group_rule.server_ingress_self["kpasswd_udp"]: Still creating... [02m10s elapsed]
aws_security_group_rule.server_ingress_trusted["kpasswd_udp"]: Still creating... [12m11s elapsed]
aws_security_group_rule.server_ingress_clients["kinit_udp"]: Still creating... [02m10s elapsed]
aws_security_group_rule.server_ingress_clients["http"]: Still creating... [02m10s elapsed]
aws_security_group_rule.server_ingress_clients["ldap"]: Still creating... [02m10s elapsed]
aws_security_group_rule.server_ingress_trusted["ldaps"]: Still creating... [12m11s elapsed]
aws_security_group_rule.server_egress_self["kinit_udp"]: Still creating... [12m11s elapsed]
aws_security_group_rule.server_ingress_clients["ldaps"]: Still creating... [02m21s elapsed]
aws_security_group_rule.server_ingress_clients["https"]: Still creating... [02m20s elapsed]
aws_security_group_rule.server_ingress_self["https"]: Still creating... [07m21s elapsed]
aws_security_group_rule.server_ingress_self["kpasswd_udp"]: Still creating... [02m20s elapsed]
aws_security_group_rule.server_ingress_clients["kinit_udp"]: Still creating... [02m20s elapsed]
aws_security_group_rule.server_ingress_trusted["kpasswd_udp"]: Still creating... [12m21s elapsed]
aws_security_group_rule.server_ingress_clients["http"]: Still creating... [02m20s elapsed]
aws_security_group_rule.server_ingress_clients["ldap"]: Still creating... [02m20s elapsed]
aws_security_group_rule.server_ingress_trusted["ldaps"]: Still creating... [12m21s elapsed]
aws_security_group_rule.server_egress_self["kinit_udp"]: Still creating... [12m21s elapsed]
aws_security_group_rule.server_ingress_clients["ldaps"]: Still creating... [02m31s elapsed]
aws_security_group_rule.server_ingress_clients["https"]: Still creating... [02m30s elapsed]
aws_security_group_rule.server_ingress_self["https"]: Still creating... [07m31s elapsed]
aws_security_group_rule.server_ingress_self["kpasswd_udp"]: Still creating... [02m30s elapsed]
aws_security_group_rule.server_ingress_clients["kinit_udp"]: Still creating... [02m30s elapsed]
aws_security_group_rule.server_ingress_trusted["kpasswd_udp"]: Still creating... [12m31s elapsed]
aws_security_group_rule.server_ingress_clients["http"]: Still creating... [02m30s elapsed]
aws_security_group_rule.server_ingress_clients["ldap"]: Still creating... [02m30s elapsed]
aws_security_group_rule.server_ingress_trusted["ldaps"]: Still creating... [12m31s elapsed]
aws_security_group_rule.server_egress_self["kinit_udp"]: Still creating... [12m31s elapsed]
aws_security_group_rule.server_ingress_clients["ldaps"]: Still creating... [02m41s elapsed]
aws_security_group_rule.server_ingress_clients["https"]: Still creating... [02m40s elapsed]
aws_security_group_rule.server_ingress_self["https"]: Still creating... [07m41s elapsed]
aws_security_group_rule.server_ingress_self["kpasswd_udp"]: Still creating... [02m40s elapsed]
aws_security_group_rule.server_ingress_clients["http"]: Still creating... [02m40s elapsed]
aws_security_group_rule.server_ingress_trusted["kpasswd_udp"]: Still creating... [12m41s elapsed]
aws_security_group_rule.server_ingress_clients["kinit_udp"]: Still creating... [02m40s elapsed]
aws_security_group_rule.server_ingress_clients["ldap"]: Still creating... [02m40s elapsed]
aws_security_group_rule.server_ingress_trusted["ldaps"]: Still creating... [12m41s elapsed]
aws_security_group_rule.server_egress_self["kinit_udp"]: Still creating... [12m41s elapsed]
aws_security_group_rule.server_ingress_clients["ldaps"]: Still creating... [02m51s elapsed]
aws_security_group_rule.server_ingress_clients["https"]: Still creating... [02m50s elapsed]
aws_security_group_rule.server_ingress_self["kpasswd_udp"]: Still creating... [02m50s elapsed]
aws_security_group_rule.server_ingress_self["https"]: Still creating... [07m51s elapsed]
aws_security_group_rule.server_ingress_clients["http"]: Still creating... [02m50s elapsed]
aws_security_group_rule.server_ingress_trusted["kpasswd_udp"]: Still creating... [12m51s elapsed]
aws_security_group_rule.server_ingress_clients["kinit_udp"]: Still creating... [02m50s elapsed]
aws_security_group_rule.server_ingress_clients["ldap"]: Still creating... [02m50s elapsed]
aws_security_group_rule.server_ingress_trusted["ldaps"]: Still creating... [12m51s elapsed]
aws_security_group_rule.server_egress_self["kinit_udp"]: Still creating... [12m51s elapsed]
aws_security_group_rule.server_ingress_clients["ldaps"]: Still creating... [03m01s elapsed]
aws_security_group_rule.server_ingress_clients["https"]: Still creating... [03m00s elapsed]
aws_security_group_rule.server_ingress_self["https"]: Still creating... [08m01s elapsed]
aws_security_group_rule.server_ingress_self["kpasswd_udp"]: Still creating... [03m00s elapsed]
aws_security_group_rule.server_ingress_clients["kinit_udp"]: Still creating... [03m00s elapsed]
aws_security_group_rule.server_ingress_clients["http"]: Still creating... [03m00s elapsed]
aws_security_group_rule.server_ingress_trusted["kpasswd_udp"]: Still creating... [13m01s elapsed]
aws_security_group_rule.server_ingress_clients["ldap"]: Still creating... [03m00s elapsed]
aws_security_group_rule.server_ingress_trusted["ldaps"]: Still creating... [13m01s elapsed]
aws_security_group_rule.server_egress_self["kinit_udp"]: Still creating... [13m01s elapsed]
aws_security_group_rule.server_ingress_clients["ldaps"]: Still creating... [03m11s elapsed]
aws_security_group_rule.server_ingress_clients["https"]: Still creating... [03m10s elapsed]
aws_security_group_rule.server_ingress_self["kpasswd_udp"]: Still creating... [03m10s elapsed]
aws_security_group_rule.server_ingress_self["https"]: Still creating... [08m11s elapsed]
aws_security_group_rule.server_ingress_trusted["kpasswd_udp"]: Still creating... [13m11s elapsed]
aws_security_group_rule.server_ingress_clients["kinit_udp"]: Still creating... [03m10s elapsed]
aws_security_group_rule.server_ingress_clients["http"]: Still creating... [03m10s elapsed]
aws_security_group_rule.server_ingress_clients["ldap"]: Still creating... [03m10s elapsed]
aws_security_group_rule.server_ingress_trusted["ldaps"]: Still creating... [13m11s elapsed]
aws_security_group_rule.server_egress_self["kinit_udp"]: Still creating... [13m11s elapsed]
aws_security_group_rule.server_ingress_clients["ldaps"]: Still creating... [03m21s elapsed]
aws_security_group_rule.server_ingress_clients["https"]: Still creating... [03m20s elapsed]
aws_security_group_rule.server_ingress_self["https"]: Still creating... [08m21s elapsed]
aws_security_group_rule.server_ingress_self["kpasswd_udp"]: Still creating... [03m20s elapsed]
aws_security_group_rule.server_ingress_clients["kinit_udp"]: Still creating... [03m20s elapsed]
aws_security_group_rule.server_ingress_clients["http"]: Still creating... [03m20s elapsed]
aws_security_group_rule.server_ingress_trusted["kpasswd_udp"]: Still creating... [13m21s elapsed]
aws_security_group_rule.server_ingress_clients["ldap"]: Still creating... [03m20s elapsed]
aws_security_group_rule.server_ingress_trusted["ldaps"]: Still creating... [13m21s elapsed]
aws_security_group_rule.server_egress_self["kinit_udp"]: Still creating... [13m21s elapsed]
aws_security_group_rule.server_ingress_clients["ldaps"]: Still creating... [03m31s elapsed]
aws_security_group_rule.server_ingress_clients["https"]: Still creating... [03m30s elapsed]
aws_security_group_rule.server_ingress_self["kpasswd_udp"]: Still creating... [03m30s elapsed]
aws_security_group_rule.server_ingress_self["https"]: Still creating... [08m31s elapsed]
aws_security_group_rule.server_ingress_trusted["kpasswd_udp"]: Still creating... [13m31s elapsed]
aws_security_group_rule.server_ingress_clients["kinit_udp"]: Still creating... [03m30s elapsed]
aws_security_group_rule.server_ingress_clients["http"]: Still creating... [03m30s elapsed]
aws_security_group_rule.server_ingress_clients["ldap"]: Still creating... [03m30s elapsed]
aws_security_group_rule.server_ingress_trusted["ldaps"]: Still creating... [13m31s elapsed]
aws_security_group_rule.server_egress_self["kinit_udp"]: Still creating... [13m31s elapsed]
aws_security_group_rule.server_ingress_clients["ldaps"]: Still creating... [03m41s elapsed]
aws_security_group_rule.server_ingress_clients["https"]: Still creating... [03m40s elapsed]
aws_security_group_rule.server_ingress_self["kpasswd_udp"]: Still creating... [03m40s elapsed]
aws_security_group_rule.server_ingress_self["https"]: Still creating... [08m41s elapsed]
aws_security_group_rule.server_ingress_clients["http"]: Still creating... [03m40s elapsed]
aws_security_group_rule.server_ingress_clients["kinit_udp"]: Still creating... [03m40s elapsed]
aws_security_group_rule.server_ingress_trusted["kpasswd_udp"]: Still creating... [13m41s elapsed]
aws_security_group_rule.server_ingress_clients["ldap"]: Still creating... [03m40s elapsed]
aws_security_group_rule.server_ingress_trusted["ldaps"]: Still creating... [13m41s elapsed]
aws_security_group_rule.server_egress_self["kinit_udp"]: Still creating... [13m41s elapsed]
aws_security_group_rule.server_ingress_clients["ldaps"]: Still creating... [03m51s elapsed]
aws_security_group_rule.server_ingress_clients["https"]: Still creating... [03m50s elapsed]
aws_security_group_rule.server_ingress_self["kpasswd_udp"]: Still creating... [03m50s elapsed]
aws_security_group_rule.server_ingress_self["https"]: Still creating... [08m51s elapsed]
aws_security_group_rule.server_ingress_clients["http"]: Still creating... [03m50s elapsed]
aws_security_group_rule.server_ingress_trusted["kpasswd_udp"]: Still creating... [13m51s elapsed]
aws_security_group_rule.server_ingress_clients["kinit_udp"]: Still creating... [03m50s elapsed]
aws_security_group_rule.server_ingress_clients["ldap"]: Still creating... [03m50s elapsed]
aws_security_group_rule.server_ingress_trusted["ldaps"]: Still creating... [13m51s elapsed]
aws_security_group_rule.server_egress_self["kinit_udp"]: Still creating... [13m51s elapsed]
aws_security_group_rule.server_ingress_clients["ldaps"]: Still creating... [04m01s elapsed]
aws_security_group_rule.server_ingress_clients["https"]: Still creating... [04m00s elapsed]
aws_security_group_rule.server_ingress_self["https"]: Still creating... [09m01s elapsed]
aws_security_group_rule.server_ingress_self["kpasswd_udp"]: Still creating... [04m00s elapsed]
aws_security_group_rule.server_ingress_clients["kinit_udp"]: Still creating... [04m00s elapsed]
aws_security_group_rule.server_ingress_clients["http"]: Still creating... [04m00s elapsed]
aws_security_group_rule.server_ingress_trusted["kpasswd_udp"]: Still creating... [14m01s elapsed]
aws_security_group_rule.server_ingress_clients["ldap"]: Still creating... [04m00s elapsed]
aws_security_group_rule.server_ingress_trusted["ldaps"]: Still creating... [14m01s elapsed]
aws_security_group_rule.server_egress_self["kinit_udp"]: Still creating... [14m01s elapsed]
aws_security_group_rule.server_ingress_clients["ldaps"]: Still creating... [04m11s elapsed]
aws_security_group_rule.server_ingress_clients["https"]: Still creating... [04m10s elapsed]
aws_security_group_rule.server_ingress_self["https"]: Still creating... [09m11s elapsed]
aws_security_group_rule.server_ingress_self["kpasswd_udp"]: Still creating... [04m10s elapsed]
aws_security_group_rule.server_ingress_clients["kinit_udp"]: Still creating... [04m10s elapsed]
aws_security_group_rule.server_ingress_trusted["kpasswd_udp"]: Still creating... [14m11s elapsed]
aws_security_group_rule.server_ingress_clients["http"]: Still creating... [04m10s elapsed]
aws_security_group_rule.server_ingress_clients["ldap"]: Still creating... [04m10s elapsed]
aws_security_group_rule.server_ingress_trusted["ldaps"]: Still creating... [14m11s elapsed]
aws_security_group_rule.server_egress_self["kinit_udp"]: Still creating... [14m11s elapsed]
aws_security_group_rule.server_ingress_clients["ldaps"]: Still creating... [04m21s elapsed]
aws_security_group_rule.server_ingress_clients["https"]: Still creating... [04m20s elapsed]
aws_security_group_rule.server_ingress_self["https"]: Still creating... [09m21s elapsed]
aws_security_group_rule.server_ingress_self["kpasswd_udp"]: Still creating... [04m20s elapsed]
aws_security_group_rule.server_ingress_clients["http"]: Still creating... [04m20s elapsed]
aws_security_group_rule.server_ingress_trusted["kpasswd_udp"]: Still creating... [14m21s elapsed]
aws_security_group_rule.server_ingress_clients["kinit_udp"]: Still creating... [04m20s elapsed]
aws_security_group_rule.server_ingress_clients["ldap"]: Still creating... [04m20s elapsed]
aws_security_group_rule.server_ingress_trusted["ldaps"]: Still creating... [14m21s elapsed]
aws_security_group_rule.server_egress_self["kinit_udp"]: Still creating... [14m21s elapsed]
aws_security_group_rule.server_ingress_clients["ldaps"]: Still creating... [04m31s elapsed]
aws_security_group_rule.server_ingress_clients["https"]: Still creating... [04m30s elapsed]
aws_security_group_rule.server_ingress_self["kpasswd_udp"]: Still creating... [04m30s elapsed]
aws_security_group_rule.server_ingress_self["https"]: Still creating... [09m31s elapsed]
aws_security_group_rule.server_ingress_clients["kinit_udp"]: Still creating... [04m30s elapsed]
aws_security_group_rule.server_ingress_clients["http"]: Still creating... [04m30s elapsed]
aws_security_group_rule.server_ingress_trusted["kpasswd_udp"]: Still creating... [14m31s elapsed]
aws_security_group_rule.server_ingress_clients["ldap"]: Still creating... [04m30s elapsed]
aws_security_group_rule.server_ingress_trusted["ldaps"]: Still creating... [14m31s elapsed]
aws_security_group_rule.server_egress_self["kinit_udp"]: Still creating... [14m31s elapsed]
aws_security_group_rule.server_ingress_clients["ldaps"]: Still creating... [04m41s elapsed]
aws_security_group_rule.server_ingress_clients["https"]: Still creating... [04m40s elapsed]
aws_security_group_rule.server_ingress_self["https"]: Still creating... [09m41s elapsed]
aws_security_group_rule.server_ingress_self["kpasswd_udp"]: Still creating... [04m40s elapsed]
aws_security_group_rule.server_ingress_clients["http"]: Still creating... [04m40s elapsed]
aws_security_group_rule.server_ingress_clients["kinit_udp"]: Still creating... [04m40s elapsed]
aws_security_group_rule.server_ingress_trusted["kpasswd_udp"]: Still creating... [14m41s elapsed]
aws_security_group_rule.server_ingress_clients["ldap"]: Still creating... [04m40s elapsed]
aws_security_group_rule.server_ingress_trusted["ldaps"]: Still creating... [14m41s elapsed]
aws_security_group_rule.server_egress_self["kinit_udp"]: Still creating... [14m41s elapsed]
aws_security_group_rule.server_ingress_clients["ldaps"]: Still creating... [04m51s elapsed]
aws_security_group_rule.server_ingress_clients["https"]: Still creating... [04m50s elapsed]
aws_security_group_rule.server_ingress_self["kpasswd_udp"]: Still creating... [04m50s elapsed]
aws_security_group_rule.server_ingress_self["https"]: Still creating... [09m51s elapsed]
aws_security_group_rule.server_ingress_trusted["kpasswd_udp"]: Still creating... [14m51s elapsed]
aws_security_group_rule.server_ingress_clients["kinit_udp"]: Still creating... [04m50s elapsed]
aws_security_group_rule.server_ingress_clients["http"]: Still creating... [04m50s elapsed]
aws_security_group_rule.server_ingress_clients["ldap"]: Still creating... [04m50s elapsed]
aws_security_group_rule.server_ingress_trusted["ldaps"]: Still creating... [14m51s elapsed]
aws_security_group_rule.server_egress_self["kinit_udp"]: Still creating... [14m51s elapsed]
aws_security_group_rule.server_ingress_clients["ldaps"]: Still creating... [05m01s elapsed]
aws_security_group_rule.server_ingress_clients["https"]: Still creating... [05m00s elapsed]
aws_security_group_rule.server_ingress_self["kpasswd_udp"]: Still creating... [05m00s elapsed]
aws_security_group_rule.server_ingress_self["https"]: Still creating... [10m01s elapsed]
aws_security_group_rule.server_ingress_clients["kpasswd_tcp"]: Creating...
aws_security_group_rule.server_ingress_clients["kinit_udp"]: Still creating... [05m00s elapsed]
aws_security_group_rule.server_ingress_clients["http"]: Still creating... [05m00s elapsed]
aws_security_group_rule.server_ingress_trusted["ldaps"]: Creation complete after 15m1s [id=sgrule-587464444]
aws_security_group_rule.server_ingress_clients["kpasswd_udp"]: Creating...
aws_security_group_rule.server_egress_self["kinit_udp"]: Creation complete after 15m1s [id=sgrule-4146665818]
aws_security_group_rule.server_ingress_clients["ldap"]: Still creating... [05m00s elapsed]
aws_security_group_rule.server_ingress_clients["kinit_tcp"]: Creating...
aws_security_group_rule.server_ingress_self["https"]: Creation complete after 10m1s [id=sgrule-1626989263]
aws_security_group_rule.server_ingress_clients["ldaps"]: Creation complete after 5m1s [id=sgrule-4121243475]
aws_security_group_rule.server_ingress_clients["https"]: Creation complete after 5m0s [id=sgrule-3219460266]
aws_security_group_rule.server_ingress_self["kpasswd_udp"]: Creation complete after 5m0s [id=sgrule-3018104418]
aws_security_group_rule.server_ingress_clients["kinit_udp"]: Creation complete after 5m0s [id=sgrule-3334641385]
aws_security_group_rule.server_ingress_clients["http"]: Creation complete after 5m0s [id=sgrule-199676835]
aws_security_group_rule.server_ingress_clients["ldap"]: Creation complete after 5m0s [id=sgrule-2407131952]
aws_security_group_rule.server_ingress_clients["kpasswd_tcp"]: Creation complete after 0s [id=sgrule-3366440936]
aws_security_group_rule.server_ingress_clients["kpasswd_udp"]: Creation complete after 0s [id=sgrule-1828219911]
aws_security_group_rule.server_ingress_clients["kinit_tcp"]: Creation complete after 0s [id=sgrule-1654469894]
