{
  "version": 4,
  "terraform_version": "1.13.5",
  "serial": 1,
  "lineage": "610c5813-32b7-0ad4-32a3-e5050e124cde",
  "outputs": {},
  "resources": [
    {
      "mode": "managed",
      "type": "random_id",
      "name": "suffix",
      "provider": "provider[\"registry.terraform.io/hashicorp/random\"]",
      "instances": [
        {
          "schema_version": 0,
          "attributes": {
            "b64_std": "TDzPjA==",
            "b64_url": "TDzPjA",
            "byte_length": 4,
            "dec": "1279053708",
            "hex": "4c3ccf8c",
            "id": "TDzPjA",
            "keepers": null,
            "prefix": null
          },
          "sensitive_attributes": [],
          "identity_schema_version": 0
        }
      ]
    }
  ],
  "check_results": null
}
