{
  "version": 4,
  "terraform_version": "1.13.5",
  "serial": 1,
  "lineage": "0ed66d9d-7422-b5cf-2e63-1ffe2a4e0cc3",
  "outputs": {},
  "resources": [
    {
      "mode": "managed",
      "type": "random_id",
      "name": "suffix",
      "provider": "provider[\"registry.terraform.io/hashicorp/random\"]",
      "instances": [
        {
          "schema_version": 0,
          "attributes": {
            "b64_std": "DtIiRw==",
            "b64_url": "DtIiRw",
            "byte_length": 4,
            "dec": "248652359",
            "hex": "0ed22247",
            "id": "DtIiRw",
            "keepers": null,
            "prefix": null
          },
          "sensitive_attributes": [],
          "identity_schema_version": 0
        }
      ]
    }
  ],
  "check_results": null
}
