data.aws_region.current: Reading...
data.aws_caller_identity.current: Reading...
data.aws_region.current: Read complete after 0s [id=us-east-1]
data.aws_caller_identity.current: Read complete after 0s [id=000000000000]

Terraform used the selected providers to generate the following execution
plan. Resource actions are indicated with the following symbols:
  + create

Terraform will perform the following actions:

  # aws_iam_policy.vault_app_policy will be created
  + resource "aws_iam_policy" "vault_app_policy" {
      + arn              = (known after apply)
      + attachment_count = (known after apply)
      + description      = "Policy for Vault app minimal access."
      + id               = (known after apply)
      + name             = "ai-basis-vault-app-policy"
      + name_prefix      = (known after apply)
      + path             = "/"
      + policy           = (known after apply)
      + policy_id        = (known after apply)
      + tags_all         = (known after apply)
    }

  # aws_iam_role.vault_app will be created
  + resource "aws_iam_role" "vault_app" {
      + arn                   = (known after apply)
      + assume_role_policy    = jsonencode(
            {
              + Statement = [
                  + {
                      + Action    = "sts:AssumeRole"
                      + Effect    = "Allow"
                      + Principal = {
                          + Service = "ec2.amazonaws.com"
                        }
                    },
                ]
              + Version   = "2012-10-17"
            }
        )
      + create_date           = (known after apply)
      + force_detach_policies = false
      + id                    = (known after apply)
      + managed_policy_arns   = (known after apply)
      + max_session_duration  = 3600
      + name                  = "ai-basis-vault-app-role"
      + name_prefix           = (known after apply)
      + path                  = "/"
      + tags                  = {
          + "Name" = "ai-basis-vault-app-role"
        }
      + tags_all              = {
          + "Name" = "ai-basis-vault-app-role"
        }
      + unique_id             = (known after apply)

      + inline_policy (known after apply)
    }

  # aws_iam_role_policy_attachment.vault_app_attach will be created
  + resource "aws_iam_role_policy_attachment" "vault_app_attach" {
      + id         = (known after apply)
      + policy_arn = (known after apply)
      + role       = "ai-basis-vault-app-role"
    }

  # aws_s3_bucket.artifacts will be created
  + resource "aws_s3_bucket" "artifacts" {
      + acceleration_status         = (known after apply)
      + acl                         = (known after apply)
      + arn                         = (known after apply)
      + bucket                      = (known after apply)
      + bucket_domain_name          = (known after apply)
      + bucket_prefix               = (known after apply)
      + bucket_region               = (known after apply)
      + bucket_regional_domain_name = (known after apply)
      + force_destroy               = true
      + hosted_zone_id              = (known after apply)
      + id                          = (known after apply)
      + object_lock_enabled         = (known after apply)
      + policy                      = (known after apply)
      + region                      = "us-east-1"
      + request_payer               = (known after apply)
      + tags                        = {
          + "Name" = "ai-basis-artifacts"
        }
      + tags_all                    = {
          + "Name" = "ai-basis-artifacts"
        }
      + website_domain              = (known after apply)
      + website_endpoint            = (known after apply)

      + cors_rule (known after apply)

      + grant (known after apply)

      + lifecycle_rule (known after apply)

      + logging (known after apply)

      + object_lock_configuration (known after apply)

      + replication_configuration (known after apply)

      + server_side_encryption_configuration (known after apply)

      + versioning (known after apply)

      + website (known after apply)
    }

  # random_id.suffix will be created
  + resource "random_id" "suffix" {
      + b64_std     = (known after apply)
      + b64_url     = (known after apply)
      + byte_length = 4
      + dec         = (known after apply)
      + hex         = (known after apply)
      + id          = (known after apply)
    }

Plan: 5 to add, 0 to change, 0 to destroy.

Changes to Outputs:
  + artifact_bucket_name = (known after apply)
random_id.suffix: Creating...
random_id.suffix: Creation complete after 0s [id=OZ3Smg]
aws_iam_role.vault_app: Creating...
aws_s3_bucket.artifacts: Creating...
aws_iam_role.vault_app: Creation complete after 0s [id=ai-basis-vault-app-role]
aws_s3_bucket.artifacts: Still creating... [00m10s elapsed]
aws_s3_bucket.artifacts: Still creating... [00m20s elapsed]
aws_s3_bucket.artifacts: Still creating... [00m30s elapsed]
aws_s3_bucket.artifacts: Still creating... [00m40s elapsed]
aws_s3_bucket.artifacts: Still creating... [00m50s elapsed]
aws_s3_bucket.artifacts: Still creating... [01m00s elapsed]
aws_s3_bucket.artifacts: Still creating... [01m10s elapsed]
aws_s3_bucket.artifacts: Still creating... [01m20s elapsed]
aws_s3_bucket.artifacts: Still creating... [01m30s elapsed]
aws_s3_bucket.artifacts: Still creating... [01m40s elapsed]
aws_s3_bucket.artifacts: Still creating... [01m50s elapsed]
aws_s3_bucket.artifacts: Still creating... [02m00s elapsed]
aws_s3_bucket.artifacts: Still creating... [02m10s elapsed]
aws_s3_bucket.artifacts: Still creating... [02m20s elapsed]
aws_s3_bucket.artifacts: Still creating... [02m30s elapsed]
aws_s3_bucket.artifacts: Still creating... [02m40s elapsed]
aws_s3_bucket.artifacts: Still creating... [02m50s elapsed]
aws_s3_bucket.artifacts: Still creating... [03m00s elapsed]
aws_s3_bucket.artifacts: Still creating... [03m10s elapsed]
aws_s3_bucket.artifacts: Still creating... [03m20s elapsed]
aws_s3_bucket.artifacts: Still creating... [03m30s elapsed]
aws_s3_bucket.artifacts: Still creating... [03m40s elapsed]
aws_s3_bucket.artifacts: Still creating... [03m50s elapsed]
aws_s3_bucket.artifacts: Still creating... [04m00s elapsed]
aws_s3_bucket.artifacts: Still creating... [04m10s elapsed]
aws_s3_bucket.artifacts: Still creating... [04m20s elapsed]
aws_s3_bucket.artifacts: Still creating... [04m30s elapsed]
aws_s3_bucket.artifacts: Still creating... [04m40s elapsed]
aws_s3_bucket.artifacts: Still creating... [04m50s elapsed]
aws_s3_bucket.artifacts: Still creating... [05m00s elapsed]
aws_s3_bucket.artifacts: Still creating... [05m10s elapsed]
aws_s3_bucket.artifacts: Still creating... [05m20s elapsed]
aws_s3_bucket.artifacts: Still creating... [05m30s elapsed]
aws_s3_bucket.artifacts: Still creating... [05m40s elapsed]
aws_s3_bucket.artifacts: Still creating... [05m50s elapsed]
aws_s3_bucket.artifacts: Still creating... [06m00s elapsed]
aws_s3_bucket.artifacts: Still creating... [06m10s elapsed]
aws_s3_bucket.artifacts: Still creating... [06m20s elapsed]
aws_s3_bucket.artifacts: Still creating... [06m30s elapsed]
aws_s3_bucket.artifacts: Still creating... [06m40s elapsed]
aws_s3_bucket.artifacts: Still creating... [06m50s elapsed]
aws_s3_bucket.artifacts: Still creating... [07m00s elapsed]
aws_s3_bucket.artifacts: Still creating... [07m10s elapsed]
aws_s3_bucket.artifacts: Still creating... [07m20s elapsed]
aws_s3_bucket.artifacts: Still creating... [07m30s elapsed]
aws_s3_bucket.artifacts: Still creating... [07m40s elapsed]
aws_s3_bucket.artifacts: Still creating... [07m50s elapsed]
aws_s3_bucket.artifacts: Still creating... [08m00s elapsed]
aws_s3_bucket.artifacts: Still creating... [08m10s elapsed]
aws_s3_bucket.artifacts: Still creating... [08m20s elapsed]
aws_s3_bucket.artifacts: Still creating... [08m30s elapsed]
aws_s3_bucket.artifacts: Still creating... [08m40s elapsed]
aws_s3_bucket.artifacts: Still creating... [08m50s elapsed]
aws_s3_bucket.artifacts: Still creating... [09m00s elapsed]
aws_s3_bucket.artifacts: Still creating... [09m10s elapsed]
aws_s3_bucket.artifacts: Still creating... [09m20s elapsed]
aws_s3_bucket.artifacts: Still creating... [09m30s elapsed]
aws_s3_bucket.artifacts: Still creating... [09m40s elapsed]
aws_s3_bucket.artifacts: Still creating... [09m50s elapsed]
aws_s3_bucket.artifacts: Still creating... [10m00s elapsed]
aws_s3_bucket.artifacts: Still creating... [10m10s elapsed]
aws_s3_bucket.artifacts: Still creating... [10m20s elapsed]
aws_s3_bucket.artifacts: Still creating... [10m30s elapsed]
aws_s3_bucket.artifacts: Still creating... [10m40s elapsed]
aws_s3_bucket.artifacts: Still creating... [10m50s elapsed]
aws_s3_bucket.artifacts: Still creating... [11m00s elapsed]
aws_s3_bucket.artifacts: Still creating... [11m10s elapsed]
aws_s3_bucket.artifacts: Still creating... [11m20s elapsed]
aws_s3_bucket.artifacts: Still creating... [11m30s elapsed]
aws_s3_bucket.artifacts: Still creating... [11m40s elapsed]
aws_s3_bucket.artifacts: Still creating... [11m50s elapsed]
aws_s3_bucket.artifacts: Still creating... [12m00s elapsed]
aws_s3_bucket.artifacts: Still creating... [12m10s elapsed]
aws_s3_bucket.artifacts: Still creating... [12m20s elapsed]
aws_s3_bucket.artifacts: Still creating... [12m30s elapsed]
aws_s3_bucket.artifacts: Still creating... [12m40s elapsed]
aws_s3_bucket.artifacts: Still creating... [12m50s elapsed]
aws_s3_bucket.artifacts: Still creating... [13m00s elapsed]
aws_s3_bucket.artifacts: Still creating... [13m10s elapsed]
aws_s3_bucket.artifacts: Still creating... [13m20s elapsed]
aws_s3_bucket.artifacts: Still creating... [13m30s elapsed]
aws_s3_bucket.artifacts: Still creating... [13m40s elapsed]
aws_s3_bucket.artifacts: Still creating... [13m50s elapsed]
aws_s3_bucket.artifacts: Still creating... [14m00s elapsed]
aws_s3_bucket.artifacts: Still creating... [14m10s elapsed]
aws_s3_bucket.artifacts: Still creating... [14m20s elapsed]
aws_s3_bucket.artifacts: Still creating... [14m30s elapsed]
aws_s3_bucket.artifacts: Still creating... [14m40s elapsed]
aws_s3_bucket.artifacts: Still creating... [14m50s elapsed]
aws_s3_bucket.artifacts: Still creating... [15m00s elapsed]
aws_s3_bucket.artifacts: Still creating... [15m10s elapsed]
aws_s3_bucket.artifacts: Still creating... [15m20s elapsed]
aws_s3_bucket.artifacts: Still creating... [15m30s elapsed]
aws_s3_bucket.artifacts: Still creating... [15m40s elapsed]
aws_s3_bucket.artifacts: Still creating... [15m50s elapsed]
aws_s3_bucket.artifacts: Still creating... [16m00s elapsed]
aws_s3_bucket.artifacts: Still creating... [16m10s elapsed]
aws_s3_bucket.artifacts: Still creating... [16m20s elapsed]
aws_s3_bucket.artifacts: Still creating... [16m30s elapsed]
aws_s3_bucket.artifacts: Still creating... [16m40s elapsed]
aws_s3_bucket.artifacts: Still creating... [16m50s elapsed]
aws_s3_bucket.artifacts: Still creating... [17m00s elapsed]
aws_s3_bucket.artifacts: Still creating... [17m10s elapsed]
aws_s3_bucket.artifacts: Still creating... [17m20s elapsed]
aws_s3_bucket.artifacts: Still creating... [17m30s elapsed]
aws_s3_bucket.artifacts: Still creating... [17m40s elapsed]
aws_s3_bucket.artifacts: Still creating... [17m50s elapsed]
aws_s3_bucket.artifacts: Still creating... [18m00s elapsed]
aws_s3_bucket.artifacts: Still creating... [18m10s elapsed]
aws_s3_bucket.artifacts: Still creating... [18m20s elapsed]
aws_s3_bucket.artifacts: Still creating... [18m30s elapsed]
aws_s3_bucket.artifacts: Still creating... [18m40s elapsed]
aws_s3_bucket.artifacts: Still creating... [18m50s elapsed]
aws_s3_bucket.artifacts: Still creating... [19m00s elapsed]
aws_s3_bucket.artifacts: Still creating... [19m10s elapsed]
aws_s3_bucket.artifacts: Still creating... [19m20s elapsed]
aws_s3_bucket.artifacts: Still creating... [19m30s elapsed]
aws_s3_bucket.artifacts: Still creating... [19m40s elapsed]
aws_s3_bucket.artifacts: Still creating... [19m50s elapsed]
aws_s3_bucket.artifacts: Still creating... [20m00s elapsed]
aws_s3_bucket.artifacts: Still creating... [20m11s elapsed]
aws_s3_bucket.artifacts: Still creating... [20m21s elapsed]
aws_s3_bucket.artifacts: Still creating... [20m31s elapsed]
aws_s3_bucket.artifacts: Still creating... [20m41s elapsed]
aws_s3_bucket.artifacts: Still creating... [20m51s elapsed]
aws_s3_bucket.artifacts: Still creating... [21m01s elapsed]
aws_s3_bucket.artifacts: Still creating... [21m11s elapsed]
aws_s3_bucket.artifacts: Still creating... [21m21s elapsed]
aws_s3_bucket.artifacts: Still creating... [21m31s elapsed]
aws_s3_bucket.artifacts: Still creating... [21m41s elapsed]
aws_s3_bucket.artifacts: Still creating... [21m51s elapsed]
aws_s3_bucket.artifacts: Still creating... [22m01s elapsed]
aws_s3_bucket.artifacts: Still creating... [22m11s elapsed]
aws_s3_bucket.artifacts: Still creating... [22m21s elapsed]
aws_s3_bucket.artifacts: Still creating... [22m31s elapsed]
aws_s3_bucket.artifacts: Still creating... [22m41s elapsed]
aws_s3_bucket.artifacts: Still creating... [22m51s elapsed]
aws_s3_bucket.artifacts: Still creating... [23m01s elapsed]
aws_s3_bucket.artifacts: Still creating... [23m11s elapsed]
aws_s3_bucket.artifacts: Still creating... [23m21s elapsed]
aws_s3_bucket.artifacts: Still creating... [23m31s elapsed]
aws_s3_bucket.artifacts: Still creating... [23m41s elapsed]
aws_s3_bucket.artifacts: Still creating... [23m51s elapsed]
aws_s3_bucket.artifacts: Still creating... [24m01s elapsed]
aws_s3_bucket.artifacts: Still creating... [24m11s elapsed]
aws_s3_bucket.artifacts: Still creating... [24m21s elapsed]
aws_s3_bucket.artifacts: Still creating... [24m31s elapsed]
aws_s3_bucket.artifacts: Still creating... [24m41s elapsed]
aws_s3_bucket.artifacts: Still creating... [24m51s elapsed]
aws_s3_bucket.artifacts: Still creating... [25m01s elapsed]
aws_s3_bucket.artifacts: Still creating... [25m11s elapsed]
aws_s3_bucket.artifacts: Still creating... [25m21s elapsed]
aws_s3_bucket.artifacts: Still creating... [25m31s elapsed]
aws_s3_bucket.artifacts: Still creating... [25m41s elapsed]
aws_s3_bucket.artifacts: Still creating... [25m51s elapsed]
aws_s3_bucket.artifacts: Still creating... [26m01s elapsed]
aws_s3_bucket.artifacts: Still creating... [26m11s elapsed]
aws_s3_bucket.artifacts: Still creating... [26m21s elapsed]
aws_s3_bucket.artifacts: Still creating... [26m31s elapsed]
aws_s3_bucket.artifacts: Still creating... [26m41s elapsed]
aws_s3_bucket.artifacts: Still creating... [26m51s elapsed]
aws_s3_bucket.artifacts: Still creating... [27m01s elapsed]
aws_s3_bucket.artifacts: Still creating... [27m11s elapsed]
aws_s3_bucket.artifacts: Still creating... [27m21s elapsed]
aws_s3_bucket.artifacts: Still creating... [27m31s elapsed]
aws_s3_bucket.artifacts: Still creating... [27m41s elapsed]
aws_s3_bucket.artifacts: Still creating... [27m51s elapsed]
aws_s3_bucket.artifacts: Still creating... [28m01s elapsed]
aws_s3_bucket.artifacts: Still creating... [28m11s elapsed]
aws_s3_bucket.artifacts: Still creating... [28m21s elapsed]
aws_s3_bucket.artifacts: Still creating... [28m31s elapsed]
aws_s3_bucket.artifacts: Still creating... [28m41s elapsed]
aws_s3_bucket.artifacts: Still creating... [28m51s elapsed]
aws_s3_bucket.artifacts: Still creating... [29m01s elapsed]
aws_s3_bucket.artifacts: Still creating... [29m11s elapsed]
aws_s3_bucket.artifacts: Still creating... [29m21s elapsed]
aws_s3_bucket.artifacts: Still creating... [29m31s elapsed]
aws_s3_bucket.artifacts: Still creating... [29m41s elapsed]
aws_s3_bucket.artifacts: Still creating... [29m51s elapsed]
aws_s3_bucket.artifacts: Still creating... [30m01s elapsed]
aws_s3_bucket.artifacts: Still creating... [30m11s elapsed]
aws_s3_bucket.artifacts: Still creating... [30m21s elapsed]
aws_s3_bucket.artifacts: Still creating... [30m31s elapsed]
aws_s3_bucket.artifacts: Still creating... [30m41s elapsed]
aws_s3_bucket.artifacts: Still creating... [30m51s elapsed]
aws_s3_bucket.artifacts: Still creating... [31m01s elapsed]
aws_s3_bucket.artifacts: Still creating... [31m11s elapsed]
aws_s3_bucket.artifacts: Still creating... [31m21s elapsed]
aws_s3_bucket.artifacts: Still creating... [31m31s elapsed]
aws_s3_bucket.artifacts: Still creating... [31m41s elapsed]
aws_s3_bucket.artifacts: Still creating... [31m51s elapsed]
aws_s3_bucket.artifacts: Still creating... [32m01s elapsed]
aws_s3_bucket.artifacts: Still creating... [32m11s elapsed]
aws_s3_bucket.artifacts: Still creating... [32m21s elapsed]
aws_s3_bucket.artifacts: Still creating... [32m31s elapsed]
aws_s3_bucket.artifacts: Still creating... [32m41s elapsed]
aws_s3_bucket.artifacts: Still creating... [32m51s elapsed]
aws_s3_bucket.artifacts: Still creating... [33m01s elapsed]
aws_s3_bucket.artifacts: Still creating... [33m11s elapsed]
aws_s3_bucket.artifacts: Still creating... [33m21s elapsed]
aws_s3_bucket.artifacts: Still creating... [33m31s elapsed]
aws_s3_bucket.artifacts: Still creating... [33m41s elapsed]
aws_s3_bucket.artifacts: Still creating... [33m51s elapsed]
aws_s3_bucket.artifacts: Still creating... [34m01s elapsed]
aws_s3_bucket.artifacts: Still creating... [34m11s elapsed]
aws_s3_bucket.artifacts: Still creating... [34m21s elapsed]
aws_s3_bucket.artifacts: Still creating... [34m31s elapsed]
aws_s3_bucket.artifacts: Still creating... [34m41s elapsed]
aws_s3_bucket.artifacts: Still creating... [34m51s elapsed]
aws_s3_bucket.artifacts: Still creating... [35m01s elapsed]
aws_s3_bucket.artifacts: Still creating... [35m11s elapsed]
aws_s3_bucket.artifacts: Still creating... [35m21s elapsed]
aws_s3_bucket.artifacts: Still creating... [35m31s elapsed]
aws_s3_bucket.artifacts: Still creating... [35m41s elapsed]
aws_s3_bucket.artifacts: Still creating... [35m51s elapsed]
aws_s3_bucket.artifacts: Still creating... [36m01s elapsed]
aws_s3_bucket.artifacts: Still creating... [36m11s elapsed]
aws_s3_bucket.artifacts: Still creating... [36m21s elapsed]
aws_s3_bucket.artifacts: Still creating... [36m31s elapsed]
aws_s3_bucket.artifacts: Still creating... [36m41s elapsed]
aws_s3_bucket.artifacts: Still creating... [36m51s elapsed]
aws_s3_bucket.artifacts: Still creating... [37m01s elapsed]
aws_s3_bucket.artifacts: Still creating... [37m11s elapsed]
aws_s3_bucket.artifacts: Still creating... [37m21s elapsed]
aws_s3_bucket.artifacts: Still creating... [37m31s elapsed]
aws_s3_bucket.artifacts: Still creating... [37m41s elapsed]
aws_s3_bucket.artifacts: Still creating... [37m51s elapsed]
aws_s3_bucket.artifacts: Still creating... [38m01s elapsed]
aws_s3_bucket.artifacts: Still creating... [38m11s elapsed]
aws_s3_bucket.artifacts: Still creating... [38m21s elapsed]
aws_s3_bucket.artifacts: Still creating... [38m31s elapsed]
aws_s3_bucket.artifacts: Still creating... [38m41s elapsed]
aws_s3_bucket.artifacts: Still creating... [38m51s elapsed]
aws_s3_bucket.artifacts: Still creating... [39m01s elapsed]
aws_s3_bucket.artifacts: Still creating... [39m11s elapsed]
aws_s3_bucket.artifacts: Still creating... [39m21s elapsed]
aws_s3_bucket.artifacts: Still creating... [39m31s elapsed]
aws_s3_bucket.artifacts: Still creating... [39m41s elapsed]
aws_s3_bucket.artifacts: Still creating... [39m51s elapsed]
aws_s3_bucket.artifacts: Still creating... [40m01s elapsed]
aws_s3_bucket.artifacts: Still creating... [40m11s elapsed]
aws_s3_bucket.artifacts: Still creating... [40m21s elapsed]
aws_s3_bucket.artifacts: Still creating... [40m31s elapsed]
aws_s3_bucket.artifacts: Still creating... [40m41s elapsed]
aws_s3_bucket.artifacts: Still creating... [40m51s elapsed]
aws_s3_bucket.artifacts: Still creating... [41m01s elapsed]
aws_s3_bucket.artifacts: Still creating... [41m11s elapsed]
aws_s3_bucket.artifacts: Still creating... [41m21s elapsed]
aws_s3_bucket.artifacts: Still creating... [41m31s elapsed]
aws_s3_bucket.artifacts: Still creating... [41m41s elapsed]
aws_s3_bucket.artifacts: Still creating... [41m51s elapsed]
aws_s3_bucket.artifacts: Still creating... [42m01s elapsed]
aws_s3_bucket.artifacts: Still creating... [42m11s elapsed]
aws_s3_bucket.artifacts: Still creating... [42m21s elapsed]
aws_s3_bucket.artifacts: Still creating... [42m31s elapsed]
aws_s3_bucket.artifacts: Still creating... [42m41s elapsed]
aws_s3_bucket.artifacts: Still creating... [42m51s elapsed]
aws_s3_bucket.artifacts: Still creating... [43m01s elapsed]
aws_s3_bucket.artifacts: Still creating... [43m11s elapsed]
aws_s3_bucket.artifacts: Still creating... [43m21s elapsed]
aws_s3_bucket.artifacts: Still creating... [43m31s elapsed]
aws_s3_bucket.artifacts: Still creating... [43m41s elapsed]
aws_s3_bucket.artifacts: Still creating... [43m51s elapsed]
aws_s3_bucket.artifacts: Still creating... [44m01s elapsed]
aws_s3_bucket.artifacts: Still creating... [44m11s elapsed]
aws_s3_bucket.artifacts: Still creating... [44m21s elapsed]
aws_s3_bucket.artifacts: Still creating... [44m31s elapsed]
aws_s3_bucket.artifacts: Still creating... [44m41s elapsed]
aws_s3_bucket.artifacts: Still creating... [44m51s elapsed]
aws_s3_bucket.artifacts: Still creating... [45m01s elapsed]
aws_s3_bucket.artifacts: Still creating... [45m11s elapsed]
aws_s3_bucket.artifacts: Still creating... [45m21s elapsed]
aws_s3_bucket.artifacts: Still creating... [45m31s elapsed]
aws_s3_bucket.artifacts: Still creating... [45m41s elapsed]
aws_s3_bucket.artifacts: Still creating... [45m51s elapsed]
aws_s3_bucket.artifacts: Still creating... [46m01s elapsed]
aws_s3_bucket.artifacts: Still creating... [46m11s elapsed]
aws_s3_bucket.artifacts: Still creating... [46m21s elapsed]
aws_s3_bucket.artifacts: Still creating... [46m31s elapsed]
aws_s3_bucket.artifacts: Still creating... [46m41s elapsed]
aws_s3_bucket.artifacts: Still creating... [46m51s elapsed]
aws_s3_bucket.artifacts: Still creating... [47m01s elapsed]
aws_s3_bucket.artifacts: Still creating... [47m11s elapsed]
aws_s3_bucket.artifacts: Still creating... [47m21s elapsed]
aws_s3_bucket.artifacts: Still creating... [47m31s elapsed]
aws_s3_bucket.artifacts: Still creating... [47m41s elapsed]
aws_s3_bucket.artifacts: Still creating... [47m51s elapsed]
aws_s3_bucket.artifacts: Still creating... [48m01s elapsed]
aws_s3_bucket.artifacts: Still creating... [48m11s elapsed]
aws_s3_bucket.artifacts: Still creating... [48m21s elapsed]
aws_s3_bucket.artifacts: Still creating... [48m31s elapsed]
aws_s3_bucket.artifacts: Still creating... [48m41s elapsed]
aws_s3_bucket.artifacts: Still creating... [48m51s elapsed]
aws_s3_bucket.artifacts: Still creating... [49m01s elapsed]
aws_s3_bucket.artifacts: Still creating... [49m11s elapsed]
aws_s3_bucket.artifacts: Still creating... [49m21s elapsed]
aws_s3_bucket.artifacts: Still creating... [49m31s elapsed]
aws_s3_bucket.artifacts: Still creating... [49m41s elapsed]
aws_s3_bucket.artifacts: Still creating... [49m51s elapsed]
aws_s3_bucket.artifacts: Still creating... [50m01s elapsed]
aws_s3_bucket.artifacts: Still creating... [50m11s elapsed]
aws_s3_bucket.artifacts: Still creating... [50m21s elapsed]
aws_s3_bucket.artifacts: Still creating... [50m31s elapsed]
aws_s3_bucket.artifacts: Still creating... [50m41s elapsed]
aws_s3_bucket.artifacts: Still creating... [50m51s elapsed]
aws_s3_bucket.artifacts: Still creating... [51m01s elapsed]
aws_s3_bucket.artifacts: Still creating... [51m11s elapsed]
aws_s3_bucket.artifacts: Still creating... [51m21s elapsed]
aws_s3_bucket.artifacts: Still creating... [51m31s elapsed]
aws_s3_bucket.artifacts: Still creating... [51m41s elapsed]
aws_s3_bucket.artifacts: Still creating... [51m51s elapsed]
aws_s3_bucket.artifacts: Still creating... [52m01s elapsed]
aws_s3_bucket.artifacts: Still creating... [52m11s elapsed]
aws_s3_bucket.artifacts: Still creating... [52m21s elapsed]
aws_s3_bucket.artifacts: Still creating... [52m31s elapsed]
aws_s3_bucket.artifacts: Still creating... [52m41s elapsed]
aws_s3_bucket.artifacts: Still creating... [52m51s elapsed]
aws_s3_bucket.artifacts: Still creating... [53m01s elapsed]
aws_s3_bucket.artifacts: Still creating... [53m11s elapsed]
aws_s3_bucket.artifacts: Still creating... [53m21s elapsed]
aws_s3_bucket.artifacts: Still creating... [53m31s elapsed]
aws_s3_bucket.artifacts: Still creating... [53m41s elapsed]
aws_s3_bucket.artifacts: Still creating... [53m51s elapsed]
aws_s3_bucket.artifacts: Still creating... [54m01s elapsed]
aws_s3_bucket.artifacts: Still creating... [54m11s elapsed]
aws_s3_bucket.artifacts: Still creating... [54m21s elapsed]
aws_s3_bucket.artifacts: Still creating... [54m31s elapsed]
aws_s3_bucket.artifacts: Still creating... [54m41s elapsed]
aws_s3_bucket.artifacts: Still creating... [54m51s elapsed]
aws_s3_bucket.artifacts: Still creating... [55m01s elapsed]
aws_s3_bucket.artifacts: Still creating... [55m11s elapsed]
aws_s3_bucket.artifacts: Still creating... [55m21s elapsed]
aws_s3_bucket.artifacts: Still creating... [55m31s elapsed]
aws_s3_bucket.artifacts: Still creating... [55m41s elapsed]
aws_s3_bucket.artifacts: Still creating... [55m51s elapsed]
aws_s3_bucket.artifacts: Still creating... [56m01s elapsed]
aws_s3_bucket.artifacts: Still creating... [56m11s elapsed]
aws_s3_bucket.artifacts: Still creating... [56m21s elapsed]
aws_s3_bucket.artifacts: Still creating... [56m31s elapsed]
aws_s3_bucket.artifacts: Still creating... [56m41s elapsed]
aws_s3_bucket.artifacts: Still creating... [56m51s elapsed]
aws_s3_bucket.artifacts: Still creating... [57m01s elapsed]
aws_s3_bucket.artifacts: Still creating... [57m11s elapsed]
aws_s3_bucket.artifacts: Still creating... [57m21s elapsed]
aws_s3_bucket.artifacts: Still creating... [57m31s elapsed]
aws_s3_bucket.artifacts: Still creating... [57m41s elapsed]
aws_s3_bucket.artifacts: Still creating... [57m51s elapsed]
aws_s3_bucket.artifacts: Still creating... [58m01s elapsed]
aws_s3_bucket.artifacts: Still creating... [58m11s elapsed]
aws_s3_bucket.artifacts: Still creating... [58m21s elapsed]
aws_s3_bucket.artifacts: Still creating... [58m31s elapsed]
aws_s3_bucket.artifacts: Still creating... [58m41s elapsed]
aws_s3_bucket.artifacts: Still creating... [58m51s elapsed]
aws_s3_bucket.artifacts: Still creating... [59m01s elapsed]
aws_s3_bucket.artifacts: Still creating... [59m11s elapsed]
aws_s3_bucket.artifacts: Still creating... [59m21s elapsed]
aws_s3_bucket.artifacts: Still creating... [59m31s elapsed]
aws_s3_bucket.artifacts: Still creating... [59m41s elapsed]
aws_s3_bucket.artifacts: Still creating... [59m51s elapsed]
aws_s3_bucket.artifacts: Still creating... [60m01s elapsed]
aws_s3_bucket.artifacts: Still creating... [60m11s elapsed]
aws_s3_bucket.artifacts: Still creating... [60m21s elapsed]
aws_s3_bucket.artifacts: Still creating... [60m31s elapsed]
aws_s3_bucket.artifacts: Still creating... [60m41s elapsed]
aws_s3_bucket.artifacts: Still creating... [60m51s elapsed]
aws_s3_bucket.artifacts: Still creating... [61m01s elapsed]
aws_s3_bucket.artifacts: Still creating... [61m11s elapsed]
aws_s3_bucket.artifacts: Still creating... [61m21s elapsed]
aws_s3_bucket.artifacts: Still creating... [61m31s elapsed]
aws_s3_bucket.artifacts: Still creating... [61m41s elapsed]
aws_s3_bucket.artifacts: Still creating... [61m51s elapsed]
aws_s3_bucket.artifacts: Still creating... [62m01s elapsed]
aws_s3_bucket.artifacts: Still creating... [62m11s elapsed]
aws_s3_bucket.artifacts: Still creating... [62m21s elapsed]
aws_s3_bucket.artifacts: Still creating... [62m31s elapsed]
aws_s3_bucket.artifacts: Still creating... [62m41s elapsed]
aws_s3_bucket.artifacts: Still creating... [62m51s elapsed]
aws_s3_bucket.artifacts: Still creating... [63m01s elapsed]
aws_s3_bucket.artifacts: Still creating... [63m11s elapsed]
aws_s3_bucket.artifacts: Still creating... [63m21s elapsed]
aws_s3_bucket.artifacts: Still creating... [63m31s elapsed]
aws_s3_bucket.artifacts: Still creating... [63m41s elapsed]
aws_s3_bucket.artifacts: Still creating... [63m51s elapsed]
aws_s3_bucket.artifacts: Still creating... [64m01s elapsed]
aws_s3_bucket.artifacts: Still creating... [64m11s elapsed]
aws_s3_bucket.artifacts: Still creating... [64m21s elapsed]
aws_s3_bucket.artifacts: Still creating... [64m31s elapsed]
aws_s3_bucket.artifacts: Still creating... [64m41s elapsed]
aws_s3_bucket.artifacts: Still creating... [64m51s elapsed]
aws_s3_bucket.artifacts: Still creating... [65m01s elapsed]
aws_s3_bucket.artifacts: Still creating... [65m11s elapsed]
aws_s3_bucket.artifacts: Still creating... [65m21s elapsed]
aws_s3_bucket.artifacts: Still creating... [65m31s elapsed]
aws_s3_bucket.artifacts: Still creating... [65m41s elapsed]
aws_s3_bucket.artifacts: Still creating... [65m51s elapsed]
aws_s3_bucket.artifacts: Still creating... [66m01s elapsed]
aws_s3_bucket.artifacts: Still creating... [66m11s elapsed]
aws_s3_bucket.artifacts: Still creating... [66m21s elapsed]
aws_s3_bucket.artifacts: Still creating... [66m31s elapsed]
aws_s3_bucket.artifacts: Still creating... [66m41s elapsed]
aws_s3_bucket.artifacts: Still creating... [66m51s elapsed]
aws_s3_bucket.artifacts: Still creating... [67m01s elapsed]
aws_s3_bucket.artifacts: Still creating... [67m11s elapsed]
aws_s3_bucket.artifacts: Still creating... [67m21s elapsed]
aws_s3_bucket.artifacts: Still creating... [67m31s elapsed]
aws_s3_bucket.artifacts: Still creating... [67m41s elapsed]
aws_s3_bucket.artifacts: Still creating... [67m51s elapsed]
aws_s3_bucket.artifacts: Still creating... [68m01s elapsed]
aws_s3_bucket.artifacts: Still creating... [68m11s elapsed]
aws_s3_bucket.artifacts: Still creating... [68m21s elapsed]
aws_s3_bucket.artifacts: Still creating... [68m31s elapsed]
aws_s3_bucket.artifacts: Still creating... [68m41s elapsed]
aws_s3_bucket.artifacts: Still creating... [68m51s elapsed]
aws_s3_bucket.artifacts: Still creating... [69m01s elapsed]
aws_s3_bucket.artifacts: Still creating... [69m11s elapsed]
aws_s3_bucket.artifacts: Still creating... [69m21s elapsed]
aws_s3_bucket.artifacts: Still creating... [69m31s elapsed]
aws_s3_bucket.artifacts: Still creating... [69m41s elapsed]
aws_s3_bucket.artifacts: Still creating... [69m51s elapsed]
aws_s3_bucket.artifacts: Still creating... [70m01s elapsed]
aws_s3_bucket.artifacts: Still creating... [70m11s elapsed]
aws_s3_bucket.artifacts: Still creating... [70m21s elapsed]
aws_s3_bucket.artifacts: Still creating... [70m31s elapsed]
aws_s3_bucket.artifacts: Still creating... [70m41s elapsed]
aws_s3_bucket.artifacts: Still creating... [70m51s elapsed]
aws_s3_bucket.artifacts: Still creating... [71m01s elapsed]
aws_s3_bucket.artifacts: Still creating... [71m11s elapsed]
aws_s3_bucket.artifacts: Still creating... [71m21s elapsed]
aws_s3_bucket.artifacts: Still creating... [71m31s elapsed]
aws_s3_bucket.artifacts: Still creating... [71m41s elapsed]
aws_s3_bucket.artifacts: Still creating... [71m51s elapsed]
aws_s3_bucket.artifacts: Still creating... [72m01s elapsed]
aws_s3_bucket.artifacts: Still creating... [72m11s elapsed]
aws_s3_bucket.artifacts: Still creating... [72m21s elapsed]
aws_s3_bucket.artifacts: Still creating... [72m31s elapsed]
aws_s3_bucket.artifacts: Still creating... [72m41s elapsed]
aws_s3_bucket.artifacts: Still creating... [72m51s elapsed]
aws_s3_bucket.artifacts: Still creating... [73m01s elapsed]
aws_s3_bucket.artifacts: Still creating... [73m11s elapsed]
aws_s3_bucket.artifacts: Still creating... [73m21s elapsed]
aws_s3_bucket.artifacts: Still creating... [73m31s elapsed]
aws_s3_bucket.artifacts: Still creating... [73m41s elapsed]
