data.aws_availability_zones.available: Reading...
data.aws_iam_policy_document.lambda_assume_role: Reading...
data.aws_iam_policy_document.lambda_assume_role: Read complete after 0s [id=2690255455]
data.aws_availability_zones.available: Read complete after 0s [id=us-east-1]

Terraform used the selected providers to generate the following execution
plan. Resource actions are indicated with the following symbols:
  + create
 <= read (data resources)

Terraform will perform the following actions:

  # data.aws_iam_policy_document.lambda_custom will be read during apply
  # (config refers to values not yet known)
 <= data "aws_iam_policy_document" "lambda_custom" {
      + id            = (known after apply)
      + json          = (known after apply)
      + minified_json = (known after apply)

      + statement {
          + actions   = [
              + "s3:GetObject",
              + "s3:ListBucket",
              + "s3:PutObject",
            ]
          + resources = [
              + (known after apply),
              + (known after apply),
            ]
        }
      + statement {
          + actions   = [
              + "sqs:DeleteMessage",
              + "sqs:GetQueueAttributes",
              + "sqs:ReceiveMessage",
              + "sqs:SendMessage",
            ]
          + resources = [
              + (known after apply),
            ]
        }
      + statement {
          + actions   = [
              + "comprehend:DetectEntities",
              + "comprehend:DetectKeyPhrases",
              + "comprehend:DetectSentiment",
              + "comprehend:DetectSyntax",
            ]
          + resources = [
              + "*",
            ]
        }
      + statement {
          + actions   = [
              + "glue:BatchGetJobs",
              + "glue:GetJob",
              + "glue:GetJobRun",
              + "glue:GetJobRuns",
              + "glue:StartJobRun",
            ]
          + resources = [
              + "*",
            ]
        }
      + statement {
          + actions   = [
              + "events:PutEvents",
            ]
          + resources = [
              + "*",
            ]
        }
    }

  # aws_cloudwatch_event_bus.pipeline will be created
  + resource "aws_cloudwatch_event_bus" "pipeline" {
      + arn      = (known after apply)
      + id       = (known after apply)
      + name     = "nlp-pipeline-bus"
      + region   = "us-east-1"
      + tags_all = (known after apply)
    }

  # aws_cloudwatch_event_rule.s3_object_created will be created
  + resource "aws_cloudwatch_event_rule" "s3_object_created" {
      + arn            = (known after apply)
      + event_bus_name = "nlp-pipeline-bus"
      + event_pattern  = (known after apply)
      + force_destroy  = false
      + id             = (known after apply)
      + name           = "nlp-pipeline-s3-object-created"
      + name_prefix    = (known after apply)
      + region         = "us-east-1"
      + tags_all       = (known after apply)
    }

  # aws_cloudwatch_event_target.step_function will be created
  + resource "aws_cloudwatch_event_target" "step_function" {
      + arn            = (known after apply)
      + event_bus_name = "nlp-pipeline-bus"
      + force_destroy  = false
      + id             = (known after apply)
      + region         = "us-east-1"
      + rule           = "nlp-pipeline-s3-object-created"
      + target_id      = (known after apply)
    }

  # aws_cloudwatch_log_group.lambda will be created
  + resource "aws_cloudwatch_log_group" "lambda" {
      + arn                         = (known after apply)
      + deletion_protection_enabled = (known after apply)
      + id                          = (known after apply)
      + log_group_class             = (known after apply)
      + name                        = "/aws/lambda/nlp-pipeline"
      + name_prefix                 = (known after apply)
      + region                      = "us-east-1"
      + retention_in_days           = 14
      + skip_destroy                = false
      + tags_all                    = (known after apply)
    }

  # aws_eip.nat will be created
  + resource "aws_eip" "nat" {
      + allocation_id        = (known after apply)
      + arn                  = (known after apply)
      + association_id       = (known after apply)
      + carrier_ip           = (known after apply)
      + customer_owned_ip    = (known after apply)
      + domain               = "vpc"
      + id                   = (known after apply)
      + instance             = (known after apply)
      + ipam_pool_id         = (known after apply)
      + network_border_group = (known after apply)
      + network_interface    = (known after apply)
      + private_dns          = (known after apply)
      + private_ip           = (known after apply)
      + ptr_record           = (known after apply)
      + public_dns           = (known after apply)
      + public_ip            = (known after apply)
      + public_ipv4_pool     = (known after apply)
      + region               = "us-east-1"
      + tags_all             = (known after apply)
    }

  # aws_glue_catalog_database.nlp will be created
  + resource "aws_glue_catalog_database" "nlp" {
      + arn          = (known after apply)
      + catalog_id   = (known after apply)
      + id           = (known after apply)
      + location_uri = (known after apply)
      + name         = "nlp_pipeline_db"
      + region       = "us-east-1"
      + tags_all     = (known after apply)

      + create_table_default_permission (known after apply)
    }

  # aws_glue_job.nlp_etl will be created
  + resource "aws_glue_job" "nlp_etl" {
      + arn               = (known after apply)
      + glue_version      = "4.0"
      + id                = (known after apply)
      + job_mode          = (known after apply)
      + max_capacity      = 2
      + name              = "nlp-pipeline-etl-job"
      + number_of_workers = (known after apply)
      + region            = "us-east-1"
      + role_arn          = (known after apply)
      + tags_all          = (known after apply)
      + timeout           = (known after apply)
      + worker_type       = (known after apply)

      + command {
          + name            = "glueetl"
          + python_version  = "3"
          + runtime         = (known after apply)
          + script_location = "s3://nlp-pipeline-data-bucket/scripts/etl_script.py"
        }

      + execution_property (known after apply)

      + notification_property (known after apply)
    }

  # aws_iam_role.lambda_exec will be created
  + resource "aws_iam_role" "lambda_exec" {
      + arn                   = (known after apply)
      + assume_role_policy    = jsonencode(
            {
              + Statement = [
                  + {
                      + Action    = "sts:AssumeRole"
                      + Effect    = "Allow"
                      + Principal = {
                          + Service = "lambda.amazonaws.com"
                        }
                    },
                ]
              + Version   = "2012-10-17"
            }
        )
      + create_date           = (known after apply)
      + force_detach_policies = false
      + id                    = (known after apply)
      + managed_policy_arns   = (known after apply)
      + max_session_duration  = 3600
      + name                  = "nlp-pipeline-lambda-exec"
      + name_prefix           = (known after apply)
      + path                  = "/"
      + tags_all              = (known after apply)
      + unique_id             = (known after apply)

      + inline_policy (known after apply)
    }

  # aws_iam_role_policy.lambda_custom will be created
  + resource "aws_iam_role_policy" "lambda_custom" {
      + id          = (known after apply)
      + name        = "nlp-pipeline-lambda-custom"
      + name_prefix = (known after apply)
      + policy      = (known after apply)
      + role        = (known after apply)
    }

  # aws_iam_role_policy_attachment.lambda_basic will be created
  + resource "aws_iam_role_policy_attachment" "lambda_basic" {
      + id         = (known after apply)
      + policy_arn = "arn:aws:iam::aws:policy/service-role/AWSLambdaBasicExecutionRole"
      + role       = "nlp-pipeline-lambda-exec"
    }

  # aws_iam_role_policy_attachment.lambda_vpc will be created
  + resource "aws_iam_role_policy_attachment" "lambda_vpc" {
      + id         = (known after apply)
      + policy_arn = "arn:aws:iam::aws:policy/service-role/AWSLambdaVPCAccessExecutionRole"
      + role       = "nlp-pipeline-lambda-exec"
    }

  # aws_internet_gateway.gw will be created
  + resource "aws_internet_gateway" "gw" {
      + arn      = (known after apply)
      + id       = (known after apply)
      + owner_id = (known after apply)
      + region   = "us-east-1"
      + tags     = {
          + "Name" = "nlp-pipeline-igw"
        }
      + tags_all = {
          + "Name" = "nlp-pipeline-igw"
        }
      + vpc_id   = (known after apply)
    }

  # aws_nat_gateway.gw will be created
  + resource "aws_nat_gateway" "gw" {
      + allocation_id                      = (known after apply)
      + association_id                     = (known after apply)
      + auto_provision_zones               = (known after apply)
      + auto_scaling_ips                   = (known after apply)
      + availability_mode                  = (known after apply)
      + connectivity_type                  = "public"
      + id                                 = (known after apply)
      + network_interface_id               = (known after apply)
      + private_ip                         = (known after apply)
      + public_ip                          = (known after apply)
      + region                             = "us-east-1"
      + regional_nat_gateway_address       = (known after apply)
      + regional_nat_gateway_auto_mode     = (known after apply)
      + route_table_id                     = (known after apply)
      + secondary_allocation_ids           = (known after apply)
      + secondary_private_ip_address_count = (known after apply)
      + secondary_private_ip_addresses     = (known after apply)
      + subnet_id                          = (known after apply)
      + tags                               = {
          + "Name" = "nlp-pipeline-nat-gw"
        }
      + tags_all                           = {
          + "Name" = "nlp-pipeline-nat-gw"
        }
      + vpc_id                             = (known after apply)
    }

  # aws_route.private_nat_access will be created
  + resource "aws_route" "private_nat_access" {
      + destination_cidr_block = "0.0.0.0/0"
      + id                     = (known after apply)
      + instance_id            = (known after apply)
      + instance_owner_id      = (known after apply)
      + nat_gateway_id         = (known after apply)
      + network_interface_id   = (known after apply)
      + origin                 = (known after apply)
      + region                 = "us-east-1"
      + route_table_id         = (known after apply)
      + state                  = (known after apply)
    }

  # aws_route.public_internet_access will be created
  + resource "aws_route" "public_internet_access" {
      + destination_cidr_block = "0.0.0.0/0"
      + gateway_id             = (known after apply)
      + id                     = (known after apply)
      + instance_id            = (known after apply)
      + instance_owner_id      = (known after apply)
      + network_interface_id   = (known after apply)
      + origin                 = (known after apply)
      + region                 = "us-east-1"
      + route_table_id         = (known after apply)
      + state                  = (known after apply)
    }

  # aws_route_table.private will be created
  + resource "aws_route_table" "private" {
      + arn              = (known after apply)
      + id               = (known after apply)
      + owner_id         = (known after apply)
      + propagating_vgws = (known after apply)
      + region           = "us-east-1"
      + route            = (known after apply)
      + tags             = {
          + "Name" = "nlp-pipeline-private-rt"
        }
      + tags_all         = {
          + "Name" = "nlp-pipeline-private-rt"
        }
      + vpc_id           = (known after apply)
    }

  # aws_route_table.public will be created
  + resource "aws_route_table" "public" {
      + arn              = (known after apply)
      + id               = (known after apply)
      + owner_id         = (known after apply)
      + propagating_vgws = (known after apply)
      + region           = "us-east-1"
      + route            = (known after apply)
      + tags             = {
          + "Name" = "nlp-pipeline-public-rt"
        }
      + tags_all         = {
          + "Name" = "nlp-pipeline-public-rt"
        }
      + vpc_id           = (known after apply)
    }

  # aws_route_table_association.private[0] will be created
  + resource "aws_route_table_association" "private" {
      + id             = (known after apply)
      + region         = "us-east-1"
      + route_table_id = (known after apply)
      + subnet_id      = (known after apply)
    }

  # aws_route_table_association.public[0] will be created
  + resource "aws_route_table_association" "public" {
      + id             = (known after apply)
      + region         = "us-east-1"
      + route_table_id = (known after apply)
      + subnet_id      = (known after apply)
    }

  # aws_s3_bucket.data will be created
  + resource "aws_s3_bucket" "data" {
      + acceleration_status         = (known after apply)
      + acl                         = (known after apply)
      + arn                         = (known after apply)
      + bucket                      = "nlp-pipeline-data-bucket"
      + bucket_domain_name          = (known after apply)
      + bucket_prefix               = (known after apply)
      + bucket_region               = (known after apply)
      + bucket_regional_domain_name = (known after apply)
      + force_destroy               = true
      + hosted_zone_id              = (known after apply)
      + id                          = (known after apply)
      + object_lock_enabled         = (known after apply)
      + policy                      = (known after apply)
      + region                      = "us-east-1"
      + request_payer               = (known after apply)
      + tags                        = {
          + "Name" = "nlp-pipeline-data-bucket"
        }
      + tags_all                    = {
          + "Name" = "nlp-pipeline-data-bucket"
        }
      + website_domain              = (known after apply)
      + website_endpoint            = (known after apply)

      + cors_rule (known after apply)

      + grant (known after apply)

      + lifecycle_rule (known after apply)

      + logging (known after apply)

      + object_lock_configuration (known after apply)

      + replication_configuration (known after apply)

      + server_side_encryption_configuration (known after apply)

      + versioning (known after apply)

      + website (known after apply)
    }

  # aws_security_group.lambda will be created
  + resource "aws_security_group" "lambda" {
      + arn                    = (known after apply)
      + description            = "Allow Lambda access to VPC resources"
      + egress                 = [
          + {
              + cidr_blocks      = [
                  + "0.0.0.0/0",
                ]
              + from_port        = 0
              + ipv6_cidr_blocks = []
              + prefix_list_ids  = []
              + protocol         = "-1"
              + security_groups  = []
              + self             = false
              + to_port          = 0
                # (1 unchanged attribute hidden)
            },
        ]
      + id                     = (known after apply)
      + ingress                = [
          + {
              + cidr_blocks      = [
                  + "10.0.0.0/16",
                ]
              + from_port        = 0
              + ipv6_cidr_blocks = []
              + prefix_list_ids  = []
              + protocol         = "-1"
              + security_groups  = []
              + self             = false
              + to_port          = 0
                # (1 unchanged attribute hidden)
            },
        ]
      + name                   = "nlp-pipeline-lambda-sg"
      + name_prefix            = (known after apply)
      + owner_id               = (known after apply)
      + region                 = "us-east-1"
      + revoke_rules_on_delete = false
      + tags                   = {
          + "Name" = "nlp-pipeline-lambda-sg"
        }
      + tags_all               = {
          + "Name" = "nlp-pipeline-lambda-sg"
        }
      + vpc_id                 = (known after apply)
    }

  # aws_sfn_state_machine.pipeline will be created
  + resource "aws_sfn_state_machine" "pipeline" {
      + arn                       = (known after apply)
      + creation_date             = (known after apply)
      + definition                = jsonencode(
            {
              + Comment = "NLP Pipeline State Machine"
              + StartAt = "ProcessSQSMessage"
              + States  = {
                  + ProcessSQSMessage = {
                      + End        = true
                      + Parameters = {
                          + FunctionName = "arn:aws:lambda:us-east-1:123456789012:function:nlp-pipeline-processor"
                        }
                      + Resource   = "arn:aws:states:::lambda:invoke"
                      + Type       = "Task"
                    }
                }
            }
        )
      + description               = (known after apply)
      + id                        = (known after apply)
      + name                      = "nlp-pipeline-step-function"
      + name_prefix               = (known after apply)
      + publish                   = false
      + region                    = "us-east-1"
      + revision_id               = (known after apply)
      + role_arn                  = (known after apply)
      + state_machine_version_arn = (known after apply)
      + status                    = (known after apply)
      + tags_all                  = (known after apply)
      + type                      = "STANDARD"
      + version_description       = (known after apply)

      + encryption_configuration (known after apply)

      + logging_configuration (known after apply)

      + tracing_configuration (known after apply)
    }

  # aws_sqs_queue.pipeline will be created
  + resource "aws_sqs_queue" "pipeline" {
      + arn                               = (known after apply)
      + content_based_deduplication       = false
      + deduplication_scope               = (known after apply)
      + delay_seconds                     = 0
      + fifo_queue                        = false
      + fifo_throughput_limit             = (known after apply)
      + id                                = (known after apply)
      + kms_data_key_reuse_period_seconds = (known after apply)
      + max_message_size                  = 262144
      + message_retention_seconds         = 345600
      + name                              = "nlp-pipeline-queue"
      + name_prefix                       = (known after apply)
      + policy                            = (known after apply)
      + receive_wait_time_seconds         = 0
      + redrive_allow_policy              = (known after apply)
      + redrive_policy                    = (known after apply)
      + region                            = "us-east-1"
      + sqs_managed_sse_enabled           = (known after apply)
      + tags                              = {
          + "Name" = "nlp-pipeline-queue"
        }
      + tags_all                          = {
          + "Name" = "nlp-pipeline-queue"
        }
      + url                               = (known after apply)
      + visibility_timeout_seconds        = 30
    }

  # aws_subnet.private[0] will be created
  + resource "aws_subnet" "private" {
      + arn                                            = (known after apply)
      + assign_ipv6_address_on_creation                = false
      + availability_zone                              = "us-east-1a"
      + availability_zone_id                           = (known after apply)
      + cidr_block                                     = "10.0.2.0/24"
      + enable_dns64                                   = false
      + enable_resource_name_dns_a_record_on_launch    = false
      + enable_resource_name_dns_aaaa_record_on_launch = false
      + id                                             = (known after apply)
      + ipv6_cidr_block_association_id                 = (known after apply)
      + ipv6_native                                    = false
      + map_public_ip_on_launch                        = false
      + owner_id                                       = (known after apply)
      + private_dns_hostname_type_on_launch            = (known after apply)
      + region                                         = "us-east-1"
      + tags                                           = {
          + "Name" = "nlp-pipeline-private-subnet-0"
        }
      + tags_all                                       = {
          + "Name" = "nlp-pipeline-private-subnet-0"
        }
      + vpc_id                                         = (known after apply)
    }

  # aws_subnet.public[0] will be created
  + resource "aws_subnet" "public" {
      + arn                                            = (known after apply)
      + assign_ipv6_address_on_creation                = false
      + availability_zone                              = "us-east-1a"
      + availability_zone_id                           = (known after apply)
      + cidr_block                                     = "10.0.1.0/24"
      + enable_dns64                                   = false
      + enable_resource_name_dns_a_record_on_launch    = false
      + enable_resource_name_dns_aaaa_record_on_launch = false
      + id                                             = (known after apply)
      + ipv6_cidr_block_association_id                 = (known after apply)
      + ipv6_native                                    = false
      + map_public_ip_on_launch                        = true
      + owner_id                                       = (known after apply)
      + private_dns_hostname_type_on_launch            = (known after apply)
      + region                                         = "us-east-1"
      + tags                                           = {
          + "Name" = "nlp-pipeline-public-subnet-0"
        }
      + tags_all                                       = {
          + "Name" = "nlp-pipeline-public-subnet-0"
        }
      + vpc_id                                         = (known after apply)
    }

  # aws_vpc.main will be created
  + resource "aws_vpc" "main" {
      + arn                                  = (known after apply)
      + cidr_block                           = "10.0.0.0/16"
      + default_network_acl_id               = (known after apply)
      + default_route_table_id               = (known after apply)
      + default_security_group_id            = (known after apply)
      + dhcp_options_id                      = (known after apply)
      + enable_dns_hostnames                 = true
      + enable_dns_support                   = true
      + enable_network_address_usage_metrics = (known after apply)
      + id                                   = (known after apply)
      + instance_tenancy                     = "default"
      + ipv6_association_id                  = (known after apply)
      + ipv6_cidr_block                      = (known after apply)
      + ipv6_cidr_block_network_border_group = (known after apply)
      + main_route_table_id                  = (known after apply)
      + owner_id                             = (known after apply)
      + region                               = "us-east-1"
      + tags                                 = {
          + "Name" = "nlp-pipeline-vpc"
        }
      + tags_all                             = {
          + "Name" = "nlp-pipeline-vpc"
        }
    }

Plan: 26 to add, 0 to change, 0 to destroy.

Changes to Outputs:
  + eventbridge_bus_arn = (known after apply)
  + private_subnet_ids  = [
      + (known after apply),
    ]
  + public_subnet_ids   = [
      + (known after apply),
    ]
  + s3_bucket_arn       = (known after apply)
  + sqs_queue_url       = (known after apply)
  + step_function_arn   = (known after apply)
  + vpc_id              = (known after apply)
aws_iam_role.lambda_exec: Creating...
aws_glue_catalog_database.nlp: Creating...
aws_sqs_queue.pipeline: Creating...
aws_cloudwatch_event_bus.pipeline: Creating...
aws_cloudwatch_log_group.lambda: Creating...
aws_eip.nat: Creating...
aws_vpc.main: Creating...
aws_s3_bucket.data: Creating...
aws_eip.nat: Creation complete after 3s [id=eipalloc-603b2e475d637bea9]
aws_iam_role.lambda_exec: Creation complete after 3s [id=nlp-pipeline-lambda-exec]
aws_iam_role_policy_attachment.lambda_vpc: Creating...
aws_iam_role_policy_attachment.lambda_basic: Creating...
aws_sfn_state_machine.pipeline: Creating...
aws_iam_role_policy_attachment.lambda_vpc: Creation complete after 1s [id=nlp-pipeline-lambda-exec/arn:aws:iam::aws:policy/service-role/AWSLambdaVPCAccessExecutionRole]
aws_iam_role_policy_attachment.lambda_basic: Creation complete after 1s [id=nlp-pipeline-lambda-exec/arn:aws:iam::aws:policy/service-role/AWSLambdaBasicExecutionRole]
aws_cloudwatch_event_bus.pipeline: Creation complete after 4s [id=nlp-pipeline-bus]
aws_sfn_state_machine.pipeline: Creation complete after 0s [id=arn:aws:states:us-east-1:000000000000:stateMachine:nlp-pipeline-step-function]
aws_cloudwatch_log_group.lambda: Creation complete after 4s [id=/aws/lambda/nlp-pipeline]
aws_glue_catalog_database.nlp: Creation complete after 5s [id=000000000000:nlp_pipeline_db]
aws_s3_bucket.data: Still creating... [00m10s elapsed]
aws_vpc.main: Still creating... [00m10s elapsed]
aws_sqs_queue.pipeline: Still creating... [00m10s elapsed]
aws_vpc.main: Creation complete after 13s [id=vpc-bf508f49717029c4c]
aws_internet_gateway.gw: Creating...
aws_subnet.public[0]: Creating...
aws_route_table.private: Creating...
aws_route_table.public: Creating...
aws_subnet.private[0]: Creating...
aws_security_group.lambda: Creating...
aws_subnet.private[0]: Creation complete after 0s [id=subnet-7845e29c2e5b284ce]
aws_internet_gateway.gw: Creation complete after 0s [id=igw-f9d0c458bf499b4ce]
aws_route_table.public: Creation complete after 0s [id=rtb-49ed6f313ac012925]
aws_route_table.private: Creation complete after 0s [id=rtb-5aec0aff58d83de63]
aws_route_table_association.private[0]: Creating...
aws_route.public_internet_access: Creating...
aws_route_table_association.private[0]: Creation complete after 0s [id=rtbassoc-ffbf0a9cde8dbe35c]
aws_security_group.lambda: Creation complete after 0s [id=sg-f981fb867a6e5bf24]
aws_route.public_internet_access: Creation complete after 0s [id=r-rtb-49ed6f313ac0129251080289494]
aws_sqs_queue.pipeline: Still creating... [00m20s elapsed]
aws_s3_bucket.data: Still creating... [00m20s elapsed]
aws_subnet.public[0]: Still creating... [00m10s elapsed]
aws_subnet.public[0]: Creation complete after 10s [id=subnet-c659c299d1d5d30b2]
aws_route_table_association.public[0]: Creating...
aws_nat_gateway.gw: Creating...
aws_route_table_association.public[0]: Creation complete after 0s [id=rtbassoc-53244fdb221e5dad4]
aws_nat_gateway.gw: Creation complete after 0s [id=nat-5e03ec6d1d29210ad]
aws_route.private_nat_access: Creating...
aws_route.private_nat_access: Creation complete after 0s [id=r-rtb-5aec0aff58d83de631080289494]
aws_sqs_queue.pipeline: Creation complete after 29s [id=http://sqs.us-east-1.localhost.localstack.cloud:4566/000000000000/nlp-pipeline-queue]
aws_s3_bucket.data: Still creating... [00m30s elapsed]
aws_s3_bucket.data: Still creating... [00m40s elapsed]
aws_s3_bucket.data: Still creating... [00m50s elapsed]
aws_s3_bucket.data: Still creating... [01m00s elapsed]
aws_s3_bucket.data: Still creating... [01m10s elapsed]
aws_s3_bucket.data: Still creating... [01m20s elapsed]
aws_s3_bucket.data: Still creating... [01m30s elapsed]
aws_s3_bucket.data: Still creating... [01m40s elapsed]
aws_s3_bucket.data: Still creating... [01m50s elapsed]
aws_s3_bucket.data: Still creating... [02m00s elapsed]
aws_s3_bucket.data: Still creating... [02m10s elapsed]
aws_s3_bucket.data: Still creating... [02m20s elapsed]
aws_s3_bucket.data: Still creating... [02m30s elapsed]
aws_s3_bucket.data: Still creating... [02m40s elapsed]
aws_s3_bucket.data: Still creating... [02m50s elapsed]
aws_s3_bucket.data: Still creating... [03m00s elapsed]
aws_s3_bucket.data: Still creating... [03m10s elapsed]
aws_s3_bucket.data: Still creating... [03m20s elapsed]
aws_s3_bucket.data: Still creating... [03m30s elapsed]
aws_s3_bucket.data: Still creating... [03m40s elapsed]
aws_s3_bucket.data: Still creating... [03m50s elapsed]
aws_s3_bucket.data: Still creating... [04m00s elapsed]
aws_s3_bucket.data: Still creating... [04m10s elapsed]
aws_s3_bucket.data: Still creating... [04m20s elapsed]
aws_s3_bucket.data: Still creating... [04m30s elapsed]
aws_s3_bucket.data: Still creating... [04m40s elapsed]
aws_s3_bucket.data: Still creating... [04m50s elapsed]
aws_s3_bucket.data: Still creating... [05m00s elapsed]
aws_s3_bucket.data: Still creating... [05m10s elapsed]
aws_s3_bucket.data: Still creating... [05m20s elapsed]
aws_s3_bucket.data: Still creating... [05m30s elapsed]
aws_s3_bucket.data: Still creating... [05m40s elapsed]
aws_s3_bucket.data: Still creating... [05m50s elapsed]
aws_s3_bucket.data: Still creating... [06m00s elapsed]
aws_s3_bucket.data: Still creating... [06m10s elapsed]
aws_s3_bucket.data: Still creating... [06m20s elapsed]
aws_s3_bucket.data: Still creating... [06m30s elapsed]
aws_s3_bucket.data: Still creating... [06m40s elapsed]
aws_s3_bucket.data: Still creating... [06m50s elapsed]
aws_s3_bucket.data: Still creating... [07m00s elapsed]
aws_s3_bucket.data: Still creating... [07m10s elapsed]
aws_s3_bucket.data: Still creating... [07m20s elapsed]
aws_s3_bucket.data: Still creating... [07m30s elapsed]
aws_s3_bucket.data: Still creating... [07m40s elapsed]
aws_s3_bucket.data: Still creating... [07m50s elapsed]
aws_s3_bucket.data: Still creating... [08m00s elapsed]
aws_s3_bucket.data: Still creating... [08m10s elapsed]
aws_s3_bucket.data: Still creating... [08m20s elapsed]
aws_s3_bucket.data: Still creating... [08m30s elapsed]
aws_s3_bucket.data: Still creating... [08m40s elapsed]
aws_s3_bucket.data: Still creating... [08m50s elapsed]
aws_s3_bucket.data: Still creating... [09m00s elapsed]
aws_s3_bucket.data: Still creating... [09m10s elapsed]
aws_s3_bucket.data: Still creating... [09m20s elapsed]
aws_s3_bucket.data: Still creating... [09m30s elapsed]
aws_s3_bucket.data: Still creating... [09m40s elapsed]
aws_s3_bucket.data: Still creating... [09m50s elapsed]
aws_s3_bucket.data: Still creating... [10m00s elapsed]
aws_s3_bucket.data: Still creating... [10m10s elapsed]
aws_s3_bucket.data: Still creating... [10m20s elapsed]
aws_s3_bucket.data: Still creating... [10m30s elapsed]
aws_s3_bucket.data: Still creating... [10m40s elapsed]
aws_s3_bucket.data: Still creating... [10m50s elapsed]
aws_s3_bucket.data: Still creating... [11m00s elapsed]
aws_s3_bucket.data: Still creating... [11m10s elapsed]
aws_s3_bucket.data: Still creating... [11m20s elapsed]
aws_s3_bucket.data: Still creating... [11m30s elapsed]
aws_s3_bucket.data: Still creating... [11m40s elapsed]
aws_s3_bucket.data: Still creating... [11m50s elapsed]
aws_s3_bucket.data: Still creating... [12m00s elapsed]
aws_s3_bucket.data: Still creating... [12m10s elapsed]
aws_s3_bucket.data: Still creating... [12m20s elapsed]
aws_s3_bucket.data: Still creating... [12m30s elapsed]
aws_s3_bucket.data: Still creating... [12m40s elapsed]
aws_s3_bucket.data: Still creating... [12m50s elapsed]
aws_s3_bucket.data: Still creating... [13m00s elapsed]
aws_s3_bucket.data: Still creating... [13m10s elapsed]
aws_s3_bucket.data: Still creating... [13m20s elapsed]
aws_s3_bucket.data: Still creating... [13m30s elapsed]
aws_s3_bucket.data: Still creating... [13m40s elapsed]
aws_s3_bucket.data: Still creating... [13m50s elapsed]
aws_s3_bucket.data: Still creating... [14m00s elapsed]
aws_s3_bucket.data: Still creating... [14m10s elapsed]
aws_s3_bucket.data: Still creating... [14m20s elapsed]
aws_s3_bucket.data: Still creating... [14m30s elapsed]
aws_s3_bucket.data: Still creating... [14m40s elapsed]
aws_s3_bucket.data: Still creating... [14m50s elapsed]
aws_s3_bucket.data: Still creating... [15m00s elapsed]
aws_s3_bucket.data: Still creating... [15m10s elapsed]
aws_s3_bucket.data: Still creating... [15m20s elapsed]
aws_s3_bucket.data: Still creating... [15m30s elapsed]
aws_s3_bucket.data: Still creating... [15m40s elapsed]
aws_s3_bucket.data: Still creating... [15m50s elapsed]
aws_s3_bucket.data: Still creating... [16m00s elapsed]
aws_s3_bucket.data: Still creating... [16m10s elapsed]
aws_s3_bucket.data: Still creating... [16m20s elapsed]
aws_s3_bucket.data: Still creating... [16m30s elapsed]
aws_s3_bucket.data: Still creating... [16m40s elapsed]
aws_s3_bucket.data: Still creating... [16m50s elapsed]
aws_s3_bucket.data: Still creating... [17m00s elapsed]
aws_s3_bucket.data: Still creating... [17m10s elapsed]
aws_s3_bucket.data: Still creating... [17m20s elapsed]
aws_s3_bucket.data: Still creating... [17m30s elapsed]
aws_s3_bucket.data: Still creating... [17m40s elapsed]
aws_s3_bucket.data: Still creating... [17m50s elapsed]
aws_s3_bucket.data: Still creating... [18m00s elapsed]
aws_s3_bucket.data: Still creating... [18m10s elapsed]
aws_s3_bucket.data: Still creating... [18m20s elapsed]
aws_s3_bucket.data: Still creating... [18m30s elapsed]
aws_s3_bucket.data: Still creating... [18m40s elapsed]
aws_s3_bucket.data: Still creating... [18m50s elapsed]
aws_s3_bucket.data: Still creating... [19m00s elapsed]
aws_s3_bucket.data: Still creating... [19m10s elapsed]
aws_s3_bucket.data: Still creating... [19m20s elapsed]
aws_s3_bucket.data: Still creating... [19m30s elapsed]
aws_s3_bucket.data: Still creating... [19m40s elapsed]
aws_s3_bucket.data: Still creating... [19m50s elapsed]
aws_s3_bucket.data: Still creating... [20m00s elapsed]
aws_s3_bucket.data: Still creating... [20m10s elapsed]
aws_s3_bucket.data: Still creating... [20m20s elapsed]
aws_s3_bucket.data: Still creating... [20m30s elapsed]
aws_s3_bucket.data: Still creating... [20m40s elapsed]
aws_s3_bucket.data: Still creating... [20m50s elapsed]
aws_s3_bucket.data: Still creating... [21m00s elapsed]
aws_s3_bucket.data: Still creating... [21m10s elapsed]
aws_s3_bucket.data: Still creating... [21m20s elapsed]
aws_s3_bucket.data: Still creating... [21m30s elapsed]
aws_s3_bucket.data: Still creating... [21m40s elapsed]
aws_s3_bucket.data: Still creating... [21m50s elapsed]
aws_s3_bucket.data: Still creating... [22m00s elapsed]
aws_s3_bucket.data: Still creating... [22m10s elapsed]
aws_s3_bucket.data: Still creating... [22m20s elapsed]
aws_s3_bucket.data: Still creating... [22m30s elapsed]
aws_s3_bucket.data: Still creating... [22m40s elapsed]
aws_s3_bucket.data: Still creating... [22m50s elapsed]
aws_s3_bucket.data: Still creating... [23m00s elapsed]
aws_s3_bucket.data: Still creating... [23m10s elapsed]
aws_s3_bucket.data: Still creating... [23m20s elapsed]
aws_s3_bucket.data: Still creating... [23m30s elapsed]
aws_s3_bucket.data: Still creating... [23m40s elapsed]
aws_s3_bucket.data: Still creating... [23m50s elapsed]
aws_s3_bucket.data: Still creating... [24m00s elapsed]
aws_s3_bucket.data: Still creating... [24m10s elapsed]
aws_s3_bucket.data: Still creating... [24m20s elapsed]
aws_s3_bucket.data: Still creating... [24m30s elapsed]
aws_s3_bucket.data: Still creating... [24m40s elapsed]
aws_s3_bucket.data: Still creating... [24m50s elapsed]
aws_s3_bucket.data: Still creating... [25m00s elapsed]
aws_s3_bucket.data: Still creating... [25m10s elapsed]
aws_s3_bucket.data: Still creating... [25m20s elapsed]
aws_s3_bucket.data: Still creating... [25m30s elapsed]
aws_s3_bucket.data: Still creating... [25m40s elapsed]
aws_s3_bucket.data: Still creating... [25m50s elapsed]
aws_s3_bucket.data: Still creating... [26m00s elapsed]
aws_s3_bucket.data: Still creating... [26m10s elapsed]
aws_s3_bucket.data: Still creating... [26m20s elapsed]
aws_s3_bucket.data: Still creating... [26m30s elapsed]
aws_s3_bucket.data: Still creating... [26m40s elapsed]
aws_s3_bucket.data: Still creating... [26m50s elapsed]
aws_s3_bucket.data: Still creating... [27m00s elapsed]
aws_s3_bucket.data: Still creating... [27m10s elapsed]
aws_s3_bucket.data: Still creating... [27m20s elapsed]
aws_s3_bucket.data: Still creating... [27m30s elapsed]
aws_s3_bucket.data: Still creating... [27m40s elapsed]
aws_s3_bucket.data: Still creating... [27m50s elapsed]
aws_s3_bucket.data: Still creating... [28m00s elapsed]
aws_s3_bucket.data: Still creating... [28m10s elapsed]
aws_s3_bucket.data: Still creating... [28m20s elapsed]
aws_s3_bucket.data: Still creating... [28m30s elapsed]
aws_s3_bucket.data: Still creating... [28m40s elapsed]
aws_s3_bucket.data: Still creating... [28m50s elapsed]
aws_s3_bucket.data: Still creating... [29m00s elapsed]
aws_s3_bucket.data: Still creating... [29m10s elapsed]
aws_s3_bucket.data: Still creating... [29m20s elapsed]
aws_s3_bucket.data: Still creating... [29m30s elapsed]
aws_s3_bucket.data: Still creating... [29m40s elapsed]
aws_s3_bucket.data: Still creating... [29m50s elapsed]
aws_s3_bucket.data: Still creating... [30m00s elapsed]
aws_s3_bucket.data: Still creating... [30m10s elapsed]
aws_s3_bucket.data: Still creating... [30m20s elapsed]
aws_s3_bucket.data: Still creating... [30m30s elapsed]
aws_s3_bucket.data: Still creating... [30m40s elapsed]
aws_s3_bucket.data: Still creating... [30m50s elapsed]
aws_s3_bucket.data: Still creating... [31m00s elapsed]
aws_s3_bucket.data: Still creating... [31m10s elapsed]
aws_s3_bucket.data: Still creating... [31m20s elapsed]
aws_s3_bucket.data: Still creating... [31m30s elapsed]
aws_s3_bucket.data: Still creating... [31m40s elapsed]
aws_s3_bucket.data: Still creating... [31m50s elapsed]
aws_s3_bucket.data: Still creating... [32m00s elapsed]
aws_s3_bucket.data: Still creating... [32m10s elapsed]
aws_s3_bucket.data: Still creating... [32m20s elapsed]
aws_s3_bucket.data: Still creating... [32m30s elapsed]
aws_s3_bucket.data: Still creating... [32m40s elapsed]
aws_s3_bucket.data: Still creating... [32m50s elapsed]
aws_s3_bucket.data: Still creating... [33m00s elapsed]
aws_s3_bucket.data: Still creating... [33m10s elapsed]
aws_s3_bucket.data: Still creating... [33m20s elapsed]
aws_s3_bucket.data: Still creating... [33m30s elapsed]
aws_s3_bucket.data: Still creating... [33m40s elapsed]
aws_s3_bucket.data: Still creating... [33m50s elapsed]
aws_s3_bucket.data: Still creating... [34m00s elapsed]
aws_s3_bucket.data: Still creating... [34m10s elapsed]
aws_s3_bucket.data: Still creating... [34m20s elapsed]
aws_s3_bucket.data: Still creating... [34m30s elapsed]
aws_s3_bucket.data: Still creating... [34m40s elapsed]
aws_s3_bucket.data: Still creating... [34m50s elapsed]
aws_s3_bucket.data: Still creating... [35m00s elapsed]
aws_s3_bucket.data: Still creating... [35m10s elapsed]
aws_s3_bucket.data: Still creating... [35m20s elapsed]
aws_s3_bucket.data: Still creating... [35m30s elapsed]
aws_s3_bucket.data: Still creating... [35m40s elapsed]
aws_s3_bucket.data: Still creating... [35m50s elapsed]
aws_s3_bucket.data: Still creating... [36m00s elapsed]
aws_s3_bucket.data: Still creating... [36m10s elapsed]
aws_s3_bucket.data: Still creating... [36m20s elapsed]
aws_s3_bucket.data: Still creating... [36m30s elapsed]
aws_s3_bucket.data: Still creating... [36m40s elapsed]
aws_s3_bucket.data: Still creating... [36m50s elapsed]
aws_s3_bucket.data: Still creating... [37m00s elapsed]
aws_s3_bucket.data: Still creating... [37m10s elapsed]
aws_s3_bucket.data: Still creating... [37m20s elapsed]
aws_s3_bucket.data: Still creating... [37m30s elapsed]
aws_s3_bucket.data: Still creating... [37m40s elapsed]
aws_s3_bucket.data: Still creating... [37m50s elapsed]
aws_s3_bucket.data: Still creating... [38m00s elapsed]
aws_s3_bucket.data: Still creating... [38m10s elapsed]
aws_s3_bucket.data: Still creating... [38m20s elapsed]
aws_s3_bucket.data: Still creating... [38m30s elapsed]
aws_s3_bucket.data: Still creating... [38m40s elapsed]
aws_s3_bucket.data: Still creating... [38m50s elapsed]
aws_s3_bucket.data: Still creating... [39m00s elapsed]
aws_s3_bucket.data: Still creating... [39m10s elapsed]
aws_s3_bucket.data: Still creating... [39m20s elapsed]
aws_s3_bucket.data: Still creating... [39m30s elapsed]
aws_s3_bucket.data: Still creating... [39m40s elapsed]
aws_s3_bucket.data: Still creating... [39m50s elapsed]
aws_s3_bucket.data: Still creating... [40m00s elapsed]
aws_s3_bucket.data: Still creating... [40m10s elapsed]
aws_s3_bucket.data: Still creating... [40m20s elapsed]
aws_s3_bucket.data: Still creating... [40m30s elapsed]
aws_s3_bucket.data: Still creating... [40m40s elapsed]
aws_s3_bucket.data: Still creating... [40m50s elapsed]
aws_s3_bucket.data: Still creating... [41m00s elapsed]
aws_s3_bucket.data: Still creating... [41m11s elapsed]
aws_s3_bucket.data: Still creating... [41m21s elapsed]
aws_s3_bucket.data: Still creating... [41m31s elapsed]
aws_s3_bucket.data: Still creating... [41m41s elapsed]
aws_s3_bucket.data: Still creating... [41m51s elapsed]
aws_s3_bucket.data: Still creating... [42m01s elapsed]
aws_s3_bucket.data: Still creating... [42m11s elapsed]
aws_s3_bucket.data: Still creating... [42m21s elapsed]
aws_s3_bucket.data: Still creating... [42m31s elapsed]
aws_s3_bucket.data: Still creating... [42m41s elapsed]
aws_s3_bucket.data: Still creating... [42m51s elapsed]
aws_s3_bucket.data: Still creating... [43m01s elapsed]
aws_s3_bucket.data: Still creating... [43m11s elapsed]
aws_s3_bucket.data: Still creating... [43m21s elapsed]
aws_s3_bucket.data: Still creating... [43m31s elapsed]
aws_s3_bucket.data: Still creating... [43m41s elapsed]
aws_s3_bucket.data: Still creating... [43m51s elapsed]
aws_s3_bucket.data: Still creating... [44m01s elapsed]
aws_s3_bucket.data: Still creating... [44m11s elapsed]
aws_s3_bucket.data: Still creating... [44m21s elapsed]
aws_s3_bucket.data: Still creating... [44m31s elapsed]
aws_s3_bucket.data: Still creating... [44m41s elapsed]
aws_s3_bucket.data: Still creating... [44m51s elapsed]
aws_s3_bucket.data: Still creating... [45m01s elapsed]
aws_s3_bucket.data: Still creating... [45m11s elapsed]
aws_s3_bucket.data: Still creating... [45m21s elapsed]
aws_s3_bucket.data: Still creating... [45m31s elapsed]
aws_s3_bucket.data: Still creating... [45m41s elapsed]
aws_s3_bucket.data: Still creating... [45m51s elapsed]
aws_s3_bucket.data: Still creating... [46m01s elapsed]
aws_s3_bucket.data: Still creating... [46m11s elapsed]
aws_s3_bucket.data: Still creating... [46m21s elapsed]
aws_s3_bucket.data: Still creating... [46m31s elapsed]
aws_s3_bucket.data: Still creating... [46m41s elapsed]
aws_s3_bucket.data: Still creating... [46m51s elapsed]
aws_s3_bucket.data: Still creating... [47m01s elapsed]
aws_s3_bucket.data: Still creating... [47m11s elapsed]
aws_s3_bucket.data: Still creating... [47m21s elapsed]
aws_s3_bucket.data: Still creating... [47m31s elapsed]
aws_s3_bucket.data: Still creating... [47m41s elapsed]
aws_s3_bucket.data: Still creating... [47m51s elapsed]
aws_s3_bucket.data: Still creating... [48m01s elapsed]
aws_s3_bucket.data: Still creating... [48m11s elapsed]
aws_s3_bucket.data: Still creating... [48m21s elapsed]
aws_s3_bucket.data: Still creating... [48m31s elapsed]
aws_s3_bucket.data: Still creating... [48m41s elapsed]
aws_s3_bucket.data: Still creating... [48m51s elapsed]
aws_s3_bucket.data: Still creating... [49m01s elapsed]
aws_s3_bucket.data: Still creating... [49m11s elapsed]
aws_s3_bucket.data: Still creating... [49m21s elapsed]
aws_s3_bucket.data: Still creating... [49m31s elapsed]
aws_s3_bucket.data: Still creating... [49m41s elapsed]
aws_s3_bucket.data: Still creating... [49m51s elapsed]
aws_s3_bucket.data: Still creating... [50m01s elapsed]
aws_s3_bucket.data: Still creating... [50m11s elapsed]
aws_s3_bucket.data: Still creating... [50m21s elapsed]
aws_s3_bucket.data: Still creating... [50m31s elapsed]
aws_s3_bucket.data: Still creating... [50m41s elapsed]
aws_s3_bucket.data: Still creating... [50m51s elapsed]
aws_s3_bucket.data: Still creating... [51m01s elapsed]
aws_s3_bucket.data: Still creating... [51m11s elapsed]
aws_s3_bucket.data: Still creating... [51m21s elapsed]
aws_s3_bucket.data: Still creating... [51m31s elapsed]
aws_s3_bucket.data: Still creating... [51m41s elapsed]
aws_s3_bucket.data: Still creating... [51m51s elapsed]
aws_s3_bucket.data: Still creating... [52m01s elapsed]
aws_s3_bucket.data: Still creating... [52m11s elapsed]
aws_s3_bucket.data: Still creating... [52m21s elapsed]
aws_s3_bucket.data: Still creating... [52m31s elapsed]
aws_s3_bucket.data: Still creating... [52m41s elapsed]
aws_s3_bucket.data: Still creating... [52m51s elapsed]
aws_s3_bucket.data: Still creating... [53m01s elapsed]
aws_s3_bucket.data: Still creating... [53m11s elapsed]
aws_s3_bucket.data: Still creating... [53m21s elapsed]
aws_s3_bucket.data: Still creating... [53m31s elapsed]
aws_s3_bucket.data: Still creating... [53m41s elapsed]
aws_s3_bucket.data: Still creating... [53m51s elapsed]
aws_s3_bucket.data: Still creating... [54m01s elapsed]
aws_s3_bucket.data: Still creating... [54m11s elapsed]
aws_s3_bucket.data: Still creating... [54m21s elapsed]
aws_s3_bucket.data: Still creating... [54m31s elapsed]
aws_s3_bucket.data: Still creating... [54m41s elapsed]
aws_s3_bucket.data: Still creating... [54m51s elapsed]
aws_s3_bucket.data: Still creating... [55m01s elapsed]
aws_s3_bucket.data: Still creating... [55m11s elapsed]
aws_s3_bucket.data: Still creating... [55m21s elapsed]
aws_s3_bucket.data: Still creating... [55m31s elapsed]
aws_s3_bucket.data: Still creating... [55m41s elapsed]
aws_s3_bucket.data: Still creating... [55m51s elapsed]
aws_s3_bucket.data: Still creating... [56m01s elapsed]
aws_s3_bucket.data: Still creating... [56m11s elapsed]
aws_s3_bucket.data: Still creating... [56m21s elapsed]
aws_s3_bucket.data: Still creating... [56m31s elapsed]
aws_s3_bucket.data: Still creating... [56m41s elapsed]
aws_s3_bucket.data: Still creating... [56m51s elapsed]
aws_s3_bucket.data: Still creating... [57m01s elapsed]
aws_s3_bucket.data: Still creating... [57m11s elapsed]
aws_s3_bucket.data: Still creating... [57m21s elapsed]
aws_s3_bucket.data: Still creating... [57m31s elapsed]
aws_s3_bucket.data: Still creating... [57m41s elapsed]
aws_s3_bucket.data: Still creating... [57m51s elapsed]
aws_s3_bucket.data: Still creating... [58m01s elapsed]
aws_s3_bucket.data: Still creating... [58m11s elapsed]
aws_s3_bucket.data: Still creating... [58m21s elapsed]
aws_s3_bucket.data: Still creating... [58m31s elapsed]
aws_s3_bucket.data: Still creating... [58m41s elapsed]
aws_s3_bucket.data: Still creating... [58m51s elapsed]
aws_s3_bucket.data: Still creating... [59m01s elapsed]
aws_s3_bucket.data: Still creating... [59m11s elapsed]
aws_s3_bucket.data: Still creating... [59m21s elapsed]
aws_s3_bucket.data: Still creating... [59m31s elapsed]
aws_s3_bucket.data: Still creating... [59m41s elapsed]
aws_s3_bucket.data: Still creating... [59m51s elapsed]
aws_s3_bucket.data: Still creating... [60m01s elapsed]
aws_s3_bucket.data: Still creating... [60m11s elapsed]
aws_s3_bucket.data: Still creating... [60m21s elapsed]
aws_s3_bucket.data: Still creating... [60m31s elapsed]
aws_s3_bucket.data: Still creating... [60m41s elapsed]
aws_s3_bucket.data: Still creating... [60m51s elapsed]
aws_s3_bucket.data: Still creating... [61m01s elapsed]
aws_s3_bucket.data: Still creating... [61m11s elapsed]
aws_s3_bucket.data: Still creating... [61m21s elapsed]
aws_s3_bucket.data: Still creating... [61m31s elapsed]
aws_s3_bucket.data: Still creating... [61m41s elapsed]
aws_s3_bucket.data: Still creating... [61m51s elapsed]
aws_s3_bucket.data: Still creating... [62m01s elapsed]
aws_s3_bucket.data: Still creating... [62m11s elapsed]
aws_s3_bucket.data: Still creating... [62m21s elapsed]
aws_s3_bucket.data: Still creating... [62m31s elapsed]
aws_s3_bucket.data: Still creating... [62m41s elapsed]
aws_s3_bucket.data: Still creating... [62m51s elapsed]
aws_s3_bucket.data: Still creating... [63m01s elapsed]
aws_s3_bucket.data: Still creating... [63m11s elapsed]
aws_s3_bucket.data: Still creating... [63m21s elapsed]
aws_s3_bucket.data: Still creating... [63m31s elapsed]
aws_s3_bucket.data: Still creating... [63m41s elapsed]
aws_s3_bucket.data: Still creating... [63m51s elapsed]
aws_s3_bucket.data: Still creating... [64m01s elapsed]
aws_s3_bucket.data: Still creating... [64m11s elapsed]
aws_s3_bucket.data: Still creating... [64m21s elapsed]
aws_s3_bucket.data: Still creating... [64m31s elapsed]
aws_s3_bucket.data: Still creating... [64m41s elapsed]
aws_s3_bucket.data: Still creating... [64m51s elapsed]
aws_s3_bucket.data: Still creating... [65m01s elapsed]
aws_s3_bucket.data: Still creating... [65m11s elapsed]
aws_s3_bucket.data: Still creating... [65m21s elapsed]
aws_s3_bucket.data: Still creating... [65m31s elapsed]
aws_s3_bucket.data: Still creating... [65m41s elapsed]
aws_s3_bucket.data: Still creating... [65m51s elapsed]
aws_s3_bucket.data: Still creating... [66m01s elapsed]
aws_s3_bucket.data: Still creating... [66m11s elapsed]
aws_s3_bucket.data: Still creating... [66m21s elapsed]
aws_s3_bucket.data: Still creating... [66m31s elapsed]
aws_s3_bucket.data: Still creating... [66m41s elapsed]
aws_s3_bucket.data: Still creating... [66m51s elapsed]
aws_s3_bucket.data: Still creating... [67m01s elapsed]
aws_s3_bucket.data: Still creating... [67m11s elapsed]
aws_s3_bucket.data: Still creating... [67m21s elapsed]
aws_s3_bucket.data: Still creating... [67m31s elapsed]
aws_s3_bucket.data: Still creating... [67m41s elapsed]
aws_s3_bucket.data: Still creating... [67m51s elapsed]
aws_s3_bucket.data: Still creating... [68m01s elapsed]
aws_s3_bucket.data: Still creating... [68m11s elapsed]
aws_s3_bucket.data: Still creating... [68m21s elapsed]
aws_s3_bucket.data: Still creating... [68m31s elapsed]
aws_s3_bucket.data: Still creating... [68m41s elapsed]
aws_s3_bucket.data: Still creating... [68m51s elapsed]
aws_s3_bucket.data: Still creating... [69m01s elapsed]
aws_s3_bucket.data: Still creating... [69m11s elapsed]
aws_s3_bucket.data: Still creating... [69m21s elapsed]
aws_s3_bucket.data: Still creating... [69m31s elapsed]
aws_s3_bucket.data: Still creating... [69m41s elapsed]
aws_s3_bucket.data: Still creating... [69m51s elapsed]
aws_s3_bucket.data: Still creating... [70m01s elapsed]
aws_s3_bucket.data: Still creating... [70m11s elapsed]
aws_s3_bucket.data: Still creating... [70m21s elapsed]
aws_s3_bucket.data: Still creating... [70m31s elapsed]
aws_s3_bucket.data: Still creating... [70m41s elapsed]
aws_s3_bucket.data: Still creating... [70m51s elapsed]
aws_s3_bucket.data: Still creating... [71m01s elapsed]
aws_s3_bucket.data: Still creating... [71m11s elapsed]
aws_s3_bucket.data: Still creating... [71m21s elapsed]
aws_s3_bucket.data: Still creating... [71m31s elapsed]
aws_s3_bucket.data: Still creating... [71m41s elapsed]
aws_s3_bucket.data: Still creating... [71m51s elapsed]
aws_s3_bucket.data: Still creating... [72m01s elapsed]
aws_s3_bucket.data: Still creating... [72m11s elapsed]
aws_s3_bucket.data: Still creating... [72m21s elapsed]
aws_s3_bucket.data: Still creating... [72m31s elapsed]
aws_s3_bucket.data: Still creating... [72m41s elapsed]
aws_s3_bucket.data: Still creating... [72m51s elapsed]
aws_s3_bucket.data: Still creating... [73m01s elapsed]
aws_s3_bucket.data: Still creating... [73m11s elapsed]
aws_s3_bucket.data: Still creating... [73m21s elapsed]
aws_s3_bucket.data: Still creating... [73m31s elapsed]
aws_s3_bucket.data: Still creating... [73m41s elapsed]
aws_s3_bucket.data: Still creating... [73m51s elapsed]
aws_s3_bucket.data: Still creating... [74m01s elapsed]
aws_s3_bucket.data: Still creating... [74m11s elapsed]
aws_s3_bucket.data: Still creating... [74m21s elapsed]
aws_s3_bucket.data: Still creating... [74m31s elapsed]
aws_s3_bucket.data: Still creating... [74m41s elapsed]
aws_s3_bucket.data: Still creating... [74m51s elapsed]
aws_s3_bucket.data: Still creating... [75m01s elapsed]
aws_s3_bucket.data: Still creating... [75m11s elapsed]
aws_s3_bucket.data: Still creating... [75m21s elapsed]
aws_s3_bucket.data: Still creating... [75m31s elapsed]
aws_s3_bucket.data: Still creating... [75m41s elapsed]
aws_s3_bucket.data: Still creating... [75m51s elapsed]
aws_s3_bucket.data: Still creating... [76m01s elapsed]
aws_s3_bucket.data: Still creating... [76m11s elapsed]
aws_s3_bucket.data: Still creating... [76m21s elapsed]
aws_s3_bucket.data: Still creating... [76m31s elapsed]
aws_s3_bucket.data: Still creating... [76m41s elapsed]
aws_s3_bucket.data: Still creating... [76m51s elapsed]
aws_s3_bucket.data: Still creating... [77m01s elapsed]
aws_s3_bucket.data: Still creating... [77m11s elapsed]
aws_s3_bucket.data: Still creating... [77m21s elapsed]
aws_s3_bucket.data: Still creating... [77m31s elapsed]
aws_s3_bucket.data: Still creating... [77m41s elapsed]
aws_s3_bucket.data: Still creating... [77m51s elapsed]
aws_s3_bucket.data: Still creating... [78m01s elapsed]
aws_s3_bucket.data: Still creating... [78m11s elapsed]
aws_s3_bucket.data: Still creating... [78m21s elapsed]
aws_s3_bucket.data: Still creating... [78m31s elapsed]
aws_s3_bucket.data: Still creating... [78m41s elapsed]
aws_s3_bucket.data: Still creating... [78m51s elapsed]
aws_s3_bucket.data: Still creating... [79m01s elapsed]
aws_s3_bucket.data: Still creating... [79m11s elapsed]
aws_s3_bucket.data: Still creating... [79m21s elapsed]
aws_s3_bucket.data: Still creating... [79m31s elapsed]
aws_s3_bucket.data: Still creating... [79m41s elapsed]
aws_s3_bucket.data: Still creating... [79m51s elapsed]
aws_s3_bucket.data: Still creating... [80m01s elapsed]
aws_s3_bucket.data: Still creating... [80m11s elapsed]
aws_s3_bucket.data: Still creating... [1258m19s elapsed]
aws_s3_bucket.data: Still creating... [1258m30s elapsed]
aws_s3_bucket.data: Still creating... [1258m40s elapsed]
aws_s3_bucket.data: Still creating... [1258m49s elapsed]
aws_s3_bucket.data: Still creating... [1259m04s elapsed]
aws_s3_bucket.data: Still creating... [1259m15s elapsed]
aws_s3_bucket.data: Still creating... [1259m26s elapsed]
aws_s3_bucket.data: Still creating... [1259m36s elapsed]
aws_s3_bucket.data: Still creating... [1259m46s elapsed]
aws_s3_bucket.data: Still creating... [1259m56s elapsed]
aws_s3_bucket.data: Still creating... [1260m06s elapsed]
aws_s3_bucket.data: Still creating... [1260m16s elapsed]
aws_s3_bucket.data: Still creating... [1260m26s elapsed]
aws_s3_bucket.data: Still creating... [1260m36s elapsed]
aws_s3_bucket.data: Still creating... [1260m46s elapsed]
aws_s3_bucket.data: Still creating... [1260m56s elapsed]
aws_s3_bucket.data: Still creating... [1261m06s elapsed]
aws_s3_bucket.data: Still creating... [1261m16s elapsed]
aws_s3_bucket.data: Still creating... [1261m26s elapsed]
aws_s3_bucket.data: Still creating... [1261m36s elapsed]
aws_s3_bucket.data: Still creating... [1261m46s elapsed]
aws_s3_bucket.data: Still creating... [1261m56s elapsed]
aws_s3_bucket.data: Still creating... [1262m06s elapsed]
aws_s3_bucket.data: Still creating... [1262m16s elapsed]
aws_s3_bucket.data: Still creating... [1262m26s elapsed]
aws_s3_bucket.data: Still creating... [1262m36s elapsed]
aws_s3_bucket.data: Still creating... [1262m46s elapsed]
aws_s3_bucket.data: Still creating... [1262m56s elapsed]
aws_s3_bucket.data: Still creating... [1263m06s elapsed]
aws_s3_bucket.data: Still creating... [1263m16s elapsed]
aws_s3_bucket.data: Still creating... [1263m26s elapsed]
