data.aws_iam_policy_document.lambda_assume_role: Reading...
data.aws_availability_zones.available: Reading...
data.aws_iam_policy_document.lambda_assume_role: Read complete after 0s [id=2690255455]
data.aws_availability_zones.available: Read complete after 5s [id=us-east-1]

Terraform used the selected providers to generate the following execution
plan. Resource actions are indicated with the following symbols:
  + create
 <= read (data resources)

Terraform will perform the following actions:

  # data.aws_iam_policy_document.lambda_custom will be read during apply
  # (config refers to values not yet known)
 <= data "aws_iam_policy_document" "lambda_custom" {
      + id            = (known after apply)
      + json          = (known after apply)
      + minified_json = (known after apply)

      + statement {
          + actions   = [
              + "s3:GetObject",
              + "s3:ListBucket",
              + "s3:PutObject",
            ]
          + resources = [
              + (known after apply),
              + (known after apply),
            ]
        }
      + statement {
          + actions   = [
              + "sqs:DeleteMessage",
              + "sqs:GetQueueAttributes",
              + "sqs:ReceiveMessage",
              + "sqs:SendMessage",
            ]
          + resources = [
              + (known after apply),
            ]
        }
      + statement {
          + actions   = [
              + "comprehend:DetectEntities",
              + "comprehend:DetectKeyPhrases",
              + "comprehend:DetectSentiment",
              + "comprehend:DetectSyntax",
            ]
          + resources = [
              + "*",
            ]
        }
      + statement {
          + actions   = [
              + "glue:BatchGetJobs",
              + "glue:GetJob",
              + "glue:GetJobRun",
              + "glue:GetJobRuns",
              + "glue:StartJobRun",
            ]
          + resources = [
              + "*",
            ]
        }
      + statement {
          + actions   = [
              + "events:PutEvents",
            ]
          + resources = [
              + "*",
            ]
        }
    }

  # aws_cloudwatch_event_bus.pipeline will be created
  + resource "aws_cloudwatch_event_bus" "pipeline" {
      + arn      = (known after apply)
      + id       = (known after apply)
      + name     = "nlp-pipeline-bus"
      + region   = "us-east-1"
      + tags_all = (known after apply)
    }

  # aws_cloudwatch_event_rule.s3_object_created will be created
  + resource "aws_cloudwatch_event_rule" "s3_object_created" {
      + arn            = (known after apply)
      + event_bus_name = "nlp-pipeline-bus"
      + event_pattern  = (known after apply)
      + force_destroy  = false
      + id             = (known after apply)
      + name           = "nlp-pipeline-s3-object-created"
      + name_prefix    = (known after apply)
      + region         = "us-east-1"
      + tags_all       = (known after apply)
    }

  # aws_cloudwatch_event_target.step_function will be created
  + resource "aws_cloudwatch_event_target" "step_function" {
      + arn            = (known after apply)
      + event_bus_name = "nlp-pipeline-bus"
      + force_destroy  = false
      + id             = (known after apply)
      + region         = "us-east-1"
      + rule           = "nlp-pipeline-s3-object-created"
      + target_id      = (known after apply)
    }

  # aws_cloudwatch_log_group.lambda will be created
  + resource "aws_cloudwatch_log_group" "lambda" {
      + arn                         = (known after apply)
      + deletion_protection_enabled = (known after apply)
      + id                          = (known after apply)
      + log_group_class             = (known after apply)
      + name                        = "/aws/lambda/nlp-pipeline"
      + name_prefix                 = (known after apply)
      + region                      = "us-east-1"
      + retention_in_days           = 14
      + skip_destroy                = false
      + tags_all                    = (known after apply)
    }

  # aws_eip.nat will be created
  + resource "aws_eip" "nat" {
      + allocation_id        = (known after apply)
      + arn                  = (known after apply)
      + association_id       = (known after apply)
      + carrier_ip           = (known after apply)
      + customer_owned_ip    = (known after apply)
      + domain               = "vpc"
      + id                   = (known after apply)
      + instance             = (known after apply)
      + ipam_pool_id         = (known after apply)
      + network_border_group = (known after apply)
      + network_interface    = (known after apply)
      + private_dns          = (known after apply)
      + private_ip           = (known after apply)
      + ptr_record           = (known after apply)
      + public_dns           = (known after apply)
      + public_ip            = (known after apply)
      + public_ipv4_pool     = (known after apply)
      + region               = "us-east-1"
      + tags_all             = (known after apply)
    }

  # aws_glue_catalog_database.nlp will be created
  + resource "aws_glue_catalog_database" "nlp" {
      + arn          = (known after apply)
      + catalog_id   = (known after apply)
      + id           = (known after apply)
      + location_uri = (known after apply)
      + name         = "nlp_pipeline_db"
      + region       = "us-east-1"
      + tags_all     = (known after apply)

      + create_table_default_permission (known after apply)
    }

  # aws_glue_job.nlp_etl will be created
  + resource "aws_glue_job" "nlp_etl" {
      + arn               = (known after apply)
      + glue_version      = "4.0"
      + id                = (known after apply)
      + job_mode          = (known after apply)
      + max_capacity      = 2
      + name              = "nlp-pipeline-etl-job"
      + number_of_workers = (known after apply)
      + region            = "us-east-1"
      + role_arn          = (known after apply)
      + tags_all          = (known after apply)
      + timeout           = (known after apply)
      + worker_type       = (known after apply)

      + command {
          + name            = "glueetl"
          + python_version  = "3"
          + runtime         = (known after apply)
          + script_location = "s3://nlp-pipeline-data-bucket/scripts/etl_script.py"
        }

      + execution_property (known after apply)

      + notification_property (known after apply)
    }

  # aws_iam_role.lambda_exec will be created
  + resource "aws_iam_role" "lambda_exec" {
      + arn                   = (known after apply)
      + assume_role_policy    = jsonencode(
            {
              + Statement = [
                  + {
                      + Action    = "sts:AssumeRole"
                      + Effect    = "Allow"
                      + Principal = {
                          + Service = "lambda.amazonaws.com"
                        }
                    },
                ]
              + Version   = "2012-10-17"
            }
        )
      + create_date           = (known after apply)
      + force_detach_policies = false
      + id                    = (known after apply)
      + managed_policy_arns   = (known after apply)
      + max_session_duration  = 3600
      + name                  = "nlp-pipeline-lambda-exec"
      + name_prefix           = (known after apply)
      + path                  = "/"
      + tags_all              = (known after apply)
      + unique_id             = (known after apply)

      + inline_policy (known after apply)
    }

  # aws_iam_role_policy.lambda_custom will be created
  + resource "aws_iam_role_policy" "lambda_custom" {
      + id          = (known after apply)
      + name        = "nlp-pipeline-lambda-custom"
      + name_prefix = (known after apply)
      + policy      = (known after apply)
      + role        = (known after apply)
    }

  # aws_iam_role_policy_attachment.lambda_basic will be created
  + resource "aws_iam_role_policy_attachment" "lambda_basic" {
      + id         = (known after apply)
      + policy_arn = "arn:aws:iam::aws:policy/service-role/AWSLambdaBasicExecutionRole"
      + role       = "nlp-pipeline-lambda-exec"
    }

  # aws_iam_role_policy_attachment.lambda_vpc will be created
  + resource "aws_iam_role_policy_attachment" "lambda_vpc" {
      + id         = (known after apply)
      + policy_arn = "arn:aws:iam::aws:policy/service-role/AWSLambdaVPCAccessExecutionRole"
      + role       = "nlp-pipeline-lambda-exec"
    }

  # aws_internet_gateway.gw will be created
  + resource "aws_internet_gateway" "gw" {
      + arn      = (known after apply)
      + id       = (known after apply)
      + owner_id = (known after apply)
      + region   = "us-east-1"
      + tags     = {
          + "Name" = "nlp-pipeline-igw"
        }
      + tags_all = {
          + "Name" = "nlp-pipeline-igw"
        }
      + vpc_id   = (known after apply)
    }

  # aws_nat_gateway.gw will be created
  + resource "aws_nat_gateway" "gw" {
      + allocation_id                      = (known after apply)
      + association_id                     = (known after apply)
      + auto_provision_zones               = (known after apply)
      + auto_scaling_ips                   = (known after apply)
      + availability_mode                  = (known after apply)
      + connectivity_type                  = "public"
      + id                                 = (known after apply)
      + network_interface_id               = (known after apply)
      + private_ip                         = (known after apply)
      + public_ip                          = (known after apply)
      + region                             = "us-east-1"
      + regional_nat_gateway_address       = (known after apply)
      + regional_nat_gateway_auto_mode     = (known after apply)
      + route_table_id                     = (known after apply)
      + secondary_allocation_ids           = (known after apply)
      + secondary_private_ip_address_count = (known after apply)
      + secondary_private_ip_addresses     = (known after apply)
      + subnet_id                          = (known after apply)
      + tags                               = {
          + "Name" = "nlp-pipeline-nat-gw"
        }
      + tags_all                           = {
          + "Name" = "nlp-pipeline-nat-gw"
        }
      + vpc_id                             = (known after apply)
    }

  # aws_route.private_nat_access will be created
  + resource "aws_route" "private_nat_access" {
      + destination_cidr_block = "0.0.0.0/0"
      + id                     = (known after apply)
      + instance_id            = (known after apply)
      + instance_owner_id      = (known after apply)
      + nat_gateway_id         = (known after apply)
      + network_interface_id   = (known after apply)
      + origin                 = (known after apply)
      + region                 = "us-east-1"
      + route_table_id         = (known after apply)
      + state                  = (known after apply)
    }

  # aws_route.public_internet_access will be created
  + resource "aws_route" "public_internet_access" {
      + destination_cidr_block = "0.0.0.0/0"
      + gateway_id             = (known after apply)
      + id                     = (known after apply)
      + instance_id            = (known after apply)
      + instance_owner_id      = (known after apply)
      + network_interface_id   = (known after apply)
      + origin                 = (known after apply)
      + region                 = "us-east-1"
      + route_table_id         = (known after apply)
      + state                  = (known after apply)
    }

  # aws_route_table.private will be created
  + resource "aws_route_table" "private" {
      + arn              = (known after apply)
      + id               = (known after apply)
      + owner_id         = (known after apply)
      + propagating_vgws = (known after apply)
      + region           = "us-east-1"
      + route            = (known after apply)
      + tags             = {
          + "Name" = "nlp-pipeline-private-rt"
        }
      + tags_all         = {
          + "Name" = "nlp-pipeline-private-rt"
        }
      + vpc_id           = (known after apply)
    }

  # aws_route_table.public will be created
  + resource "aws_route_table" "public" {
      + arn              = (known after apply)
      + id               = (known after apply)
      + owner_id         = (known after apply)
      + propagating_vgws = (known after apply)
      + region           = "us-east-1"
      + route            = (known after apply)
      + tags             = {
          + "Name" = "nlp-pipeline-public-rt"
        }
      + tags_all         = {
          + "Name" = "nlp-pipeline-public-rt"
        }
      + vpc_id           = (known after apply)
    }

  # aws_route_table_association.private[0] will be created
  + resource "aws_route_table_association" "private" {
      + id             = (known after apply)
      + region         = "us-east-1"
      + route_table_id = (known after apply)
      + subnet_id      = (known after apply)
    }

  # aws_route_table_association.public[0] will be created
  + resource "aws_route_table_association" "public" {
      + id             = (known after apply)
      + region         = "us-east-1"
      + route_table_id = (known after apply)
      + subnet_id      = (known after apply)
    }

  # aws_s3_bucket.data will be created
  + resource "aws_s3_bucket" "data" {
      + acceleration_status         = (known after apply)
      + acl                         = (known after apply)
      + arn                         = (known after apply)
      + bucket                      = "nlp-pipeline-data-bucket"
      + bucket_domain_name          = (known after apply)
      + bucket_prefix               = (known after apply)
      + bucket_region               = (known after apply)
      + bucket_regional_domain_name = (known after apply)
      + force_destroy               = true
      + hosted_zone_id              = (known after apply)
      + id                          = (known after apply)
      + object_lock_enabled         = (known after apply)
      + policy                      = (known after apply)
      + region                      = "us-east-1"
      + request_payer               = (known after apply)
      + tags                        = {
          + "Name" = "nlp-pipeline-data-bucket"
        }
      + tags_all                    = {
          + "Name" = "nlp-pipeline-data-bucket"
        }
      + website_domain              = (known after apply)
      + website_endpoint            = (known after apply)

      + cors_rule (known after apply)

      + grant (known after apply)

      + lifecycle_rule (known after apply)

      + logging (known after apply)

      + object_lock_configuration (known after apply)

      + replication_configuration (known after apply)

      + server_side_encryption_configuration (known after apply)

      + versioning (known after apply)

      + website (known after apply)
    }

  # aws_security_group.lambda will be created
  + resource "aws_security_group" "lambda" {
      + arn                    = (known after apply)
      + description            = "Allow Lambda access to VPC resources"
      + egress                 = [
          + {
              + cidr_blocks      = [
                  + "0.0.0.0/0",
                ]
              + from_port        = 0
              + ipv6_cidr_blocks = []
              + prefix_list_ids  = []
              + protocol         = "-1"
              + security_groups  = []
              + self             = false
              + to_port          = 0
                # (1 unchanged attribute hidden)
            },
        ]
      + id                     = (known after apply)
      + ingress                = [
          + {
              + cidr_blocks      = [
                  + "10.0.0.0/16",
                ]
              + from_port        = 0
              + ipv6_cidr_blocks = []
              + prefix_list_ids  = []
              + protocol         = "-1"
              + security_groups  = []
              + self             = false
              + to_port          = 0
                # (1 unchanged attribute hidden)
            },
        ]
      + name                   = "nlp-pipeline-lambda-sg"
      + name_prefix            = (known after apply)
      + owner_id               = (known after apply)
      + region                 = "us-east-1"
      + revoke_rules_on_delete = false
      + tags                   = {
          + "Name" = "nlp-pipeline-lambda-sg"
        }
      + tags_all               = {
          + "Name" = "nlp-pipeline-lambda-sg"
        }
      + vpc_id                 = (known after apply)
    }

  # aws_sfn_state_machine.pipeline will be created
  + resource "aws_sfn_state_machine" "pipeline" {
      + arn                       = (known after apply)
      + creation_date             = (known after apply)
      + definition                = jsonencode(
            {
              + Comment = "NLP Pipeline State Machine"
              + StartAt = "ProcessSQSMessage"
              + States  = {
                  + ProcessSQSMessage = {
                      + End        = true
                      + Parameters = {
                          + FunctionName = "arn:aws:lambda:us-east-1:123456789012:function:nlp-pipeline-processor"
                        }
                      + Resource   = "arn:aws:states:::lambda:invoke"
                      + Type       = "Task"
                    }
                }
            }
        )
      + description               = (known after apply)
      + id                        = (known after apply)
      + name                      = "nlp-pipeline-step-function"
      + name_prefix               = (known after apply)
      + publish                   = false
      + region                    = "us-east-1"
      + revision_id               = (known after apply)
      + role_arn                  = (known after apply)
      + state_machine_version_arn = (known after apply)
      + status                    = (known after apply)
      + tags_all                  = (known after apply)
      + type                      = "STANDARD"
      + version_description       = (known after apply)

      + encryption_configuration (known after apply)

      + logging_configuration (known after apply)

      + tracing_configuration (known after apply)
    }

  # aws_sqs_queue.pipeline will be created
  + resource "aws_sqs_queue" "pipeline" {
      + arn                               = (known after apply)
      + content_based_deduplication       = false
      + deduplication_scope               = (known after apply)
      + delay_seconds                     = 0
      + fifo_queue                        = false
      + fifo_throughput_limit             = (known after apply)
      + id                                = (known after apply)
      + kms_data_key_reuse_period_seconds = (known after apply)
      + max_message_size                  = 262144
      + message_retention_seconds         = 345600
      + name                              = "nlp-pipeline-queue"
      + name_prefix                       = (known after apply)
      + policy                            = (known after apply)
      + receive_wait_time_seconds         = 0
      + redrive_allow_policy              = (known after apply)
      + redrive_policy                    = (known after apply)
      + region                            = "us-east-1"
      + sqs_managed_sse_enabled           = (known after apply)
      + tags                              = {
          + "Name" = "nlp-pipeline-queue"
        }
      + tags_all                          = {
          + "Name" = "nlp-pipeline-queue"
        }
      + url                               = (known after apply)
      + visibility_timeout_seconds        = 30
    }

  # aws_subnet.private[0] will be created
  + resource "aws_subnet" "private" {
      + arn                                            = (known after apply)
      + assign_ipv6_address_on_creation                = false
      + availability_zone                              = "us-east-1a"
      + availability_zone_id                           = (known after apply)
      + cidr_block                                     = "10.0.2.0/24"
      + enable_dns64                                   = false
      + enable_resource_name_dns_a_record_on_launch    = false
      + enable_resource_name_dns_aaaa_record_on_launch = false
      + id                                             = (known after apply)
      + ipv6_cidr_block_association_id                 = (known after apply)
      + ipv6_native                                    = false
      + map_public_ip_on_launch                        = false
      + owner_id                                       = (known after apply)
      + private_dns_hostname_type_on_launch            = (known after apply)
      + region                                         = "us-east-1"
      + tags                                           = {
          + "Name" = "nlp-pipeline-private-subnet-0"
        }
      + tags_all                                       = {
          + "Name" = "nlp-pipeline-private-subnet-0"
        }
      + vpc_id                                         = (known after apply)
    }

  # aws_subnet.public[0] will be created
  + resource "aws_subnet" "public" {
      + arn                                            = (known after apply)
      + assign_ipv6_address_on_creation                = false
      + availability_zone                              = "us-east-1a"
      + availability_zone_id                           = (known after apply)
      + cidr_block                                     = "10.0.1.0/24"
      + enable_dns64                                   = false
      + enable_resource_name_dns_a_record_on_launch    = false
      + enable_resource_name_dns_aaaa_record_on_launch = false
      + id                                             = (known after apply)
      + ipv6_cidr_block_association_id                 = (known after apply)
      + ipv6_native                                    = false
      + map_public_ip_on_launch                        = true
      + owner_id                                       = (known after apply)
      + private_dns_hostname_type_on_launch            = (known after apply)
      + region                                         = "us-east-1"
      + tags                                           = {
          + "Name" = "nlp-pipeline-public-subnet-0"
        }
      + tags_all                                       = {
          + "Name" = "nlp-pipeline-public-subnet-0"
        }
      + vpc_id                                         = (known after apply)
    }

  # aws_vpc.main will be created
  + resource "aws_vpc" "main" {
      + arn                                  = (known after apply)
      + cidr_block                           = "10.0.0.0/16"
      + default_network_acl_id               = (known after apply)
      + default_route_table_id               = (known after apply)
      + default_security_group_id            = (known after apply)
      + dhcp_options_id                      = (known after apply)
      + enable_dns_hostnames                 = true
      + enable_dns_support                   = true
      + enable_network_address_usage_metrics = (known after apply)
      + id                                   = (known after apply)
      + instance_tenancy                     = "default"
      + ipv6_association_id                  = (known after apply)
      + ipv6_cidr_block                      = (known after apply)
      + ipv6_cidr_block_network_border_group = (known after apply)
      + main_route_table_id                  = (known after apply)
      + owner_id                             = (known after apply)
      + region                               = "us-east-1"
      + tags                                 = {
          + "Name" = "nlp-pipeline-vpc"
        }
      + tags_all                             = {
          + "Name" = "nlp-pipeline-vpc"
        }
    }

Plan: 26 to add, 0 to change, 0 to destroy.

Changes to Outputs:
  + eventbridge_bus_arn = (known after apply)
  + private_subnet_ids  = [
      + (known after apply),
    ]
  + public_subnet_ids   = [
      + (known after apply),
    ]
  + s3_bucket_arn       = (known after apply)
  + sqs_queue_url       = (known after apply)
  + step_function_arn   = (known after apply)
  + vpc_id              = (known after apply)
