{"format_version":"1.2","terraform_version":"1.13.5","variables":{"aws_region":{"value":"us-east-1"},"private_subnet_cidrs":{"value":["10.0.2.0/24"]},"public_subnet_cidrs":{"value":["10.0.1.0/24"]},"s3_bucket_name":{"value":"nlp-pipeline-data-bucket"},"sqs_queue_name":{"value":"nlp-pipeline-queue"},"vpc_cidr":{"value":"10.0.0.0/16"}},"planned_values":{"outputs":{"eventbridge_bus_arn":{"sensitive":false},"private_subnet_ids":{"sensitive":false},"public_subnet_ids":{"sensitive":false},"s3_bucket_arn":{"sensitive":false},"sqs_queue_url":{"sensitive":false},"step_function_arn":{"sensitive":false},"vpc_id":{"sensitive":false}},"root_module":{"resources":[{"address":"aws_cloudwatch_event_bus.pipeline","mode":"managed","type":"aws_cloudwatch_event_bus","name":"pipeline","provider_name":"registry.terraform.io/hashicorp/aws","schema_version":0,"values":{"dead_letter_config":[],"description":null,"event_source_name":null,"kms_key_identifier":null,"log_config":[],"name":"nlp-pipeline-bus","region":"us-east-1","tags":null},"sensitive_values":{"dead_letter_config":[],"log_config":[],"tags_all":{}}},{"address":"aws_cloudwatch_event_rule.s3_object_created","mode":"managed","type":"aws_cloudwatch_event_rule","name":"s3_object_created","provider_name":"registry.terraform.io/hashicorp/aws","schema_version":1,"values":{"description":null,"event_bus_name":"nlp-pipeline-bus","force_destroy":false,"is_enabled":null,"name":"nlp-pipeline-s3-object-created","region":"us-east-1","role_arn":null,"schedule_expression":null,"state":null,"tags":null},"sensitive_values":{"tags_all":{}},"identity_schema_version":0,"identity":{"account_id":null,"name":null,"region":null}},{"address":"aws_cloudwatch_event_target.step_function","mode":"managed","type":"aws_cloudwatch_event_target","name":"step_function","provider_name":"registry.terraform.io/hashicorp/aws","schema_version":1,"values":{"appsync_target":[],"batch_target":[],"dead_letter_config":[],"ecs_target":[],"event_bus_name":"nlp-pipeline-bus","force_destroy":false,"http_target":[],"input":null,"input_path":null,"input_transformer":[],"kinesis_target":[],"redshift_target":[],"region":"us-east-1","retry_policy":[],"role_arn":null,"rule":"nlp-pipeline-s3-object-created","run_command_targets":[],"sagemaker_pipeline_target":[],"sqs_target":[]},"sensitive_values":{"appsync_target":[],"batch_target":[],"dead_letter_config":[],"ecs_target":[],"http_target":[],"input_transformer":[],"kinesis_target":[],"redshift_target":[],"retry_policy":[],"run_command_targets":[],"sagemaker_pipeline_target":[],"sqs_target":[]},"identity_schema_version":0,"identity":{"account_id":null,"event_bus_name":null,"region":null,"rule":null,"target_id":null}},{"address":"aws_cloudwatch_log_group.lambda","mode":"managed","type":"aws_cloudwatch_log_group","name":"lambda","provider_name":"registry.terraform.io/hashicorp/aws","schema_version":0,"values":{"kms_key_id":null,"name":"/aws/lambda/nlp-pipeline","region":"us-east-1","retention_in_days":14,"skip_destroy":false,"tags":null},"sensitive_values":{"tags_all":{}},"identity_schema_version":0,"identity":{"account_id":null,"name":null,"region":null}},{"address":"aws_eip.nat","mode":"managed","type":"aws_eip","name":"nat","provider_name":"registry.terraform.io/hashicorp/aws","schema_version":0,"values":{"address":null,"associate_with_private_ip":null,"customer_owned_ipv4_pool":null,"domain":"vpc","region":"us-east-1","tags":null,"timeouts":null},"sensitive_values":{"tags_all":{}}},{"address":"aws_glue_catalog_database.nlp","mode":"managed","type":"aws_glue_catalog_database","name":"nlp","provider_name":"registry.terraform.io/hashicorp/aws","schema_version":0,"values":{"description":null,"federated_database":[],"name":"nlp_pipeline_db","parameters":null,"region":"us-east-1","tags":null,"target_database":[]},"sensitive_values":{"create_table_default_permission":[],"federated_database":[],"tags_all":{},"target_database":[]}},{"address":"aws_glue_job.nlp_etl","mode":"managed","type":"aws_glue_job","name":"nlp_etl","provider_name":"registry.terraform.io/hashicorp/aws","schema_version":0,"values":{"command":[{"name":"glueetl","python_version":"3","script_location":"s3://nlp-pipeline-data-bucket/scripts/etl_script.py"}],"connections":null,"default_arguments":null,"description":null,"execution_class":null,"glue_version":"4.0","job_run_queuing_enabled":null,"maintenance_window":null,"max_capacity":2,"max_retries":null,"name":"nlp-pipeline-etl-job","non_overridable_arguments":null,"region":"us-east-1","security_configuration":null,"source_control_details":[],"tags":null},"sensitive_values":{"command":[{}],"execution_property":[],"notification_property":[],"source_control_details":[],"tags_all":{}}},{"address":"aws_iam_role.lambda_exec","mode":"managed","type":"aws_iam_role","name":"lambda_exec","provider_name":"registry.terraform.io/hashicorp/aws","schema_version":0,"values":{"assume_role_policy":"{\"Statement\":[{\"Action\":\"sts:AssumeRole\",\"Effect\":\"Allow\",\"Principal\":{\"Service\":\"lambda.amazonaws.com\"}}],\"Version\":\"2012-10-17\"}","description":null,"force_detach_policies":false,"max_session_duration":3600,"name":"nlp-pipeline-lambda-exec","path":"/","permissions_boundary":null,"tags":null},"sensitive_values":{"inline_policy":[],"managed_policy_arns":[],"tags_all":{}},"identity_schema_version":0,"identity":{"account_id":null,"name":null}},{"address":"aws_iam_role_policy.lambda_custom","mode":"managed","type":"aws_iam_role_policy","name":"lambda_custom","provider_name":"registry.terraform.io/hashicorp/aws","schema_version":0,"values":{"name":"nlp-pipeline-lambda-custom"},"sensitive_values":{},"identity_schema_version":0,"identity":{"account_id":null,"name":null,"role":null}},{"address":"aws_iam_role_policy_attachment.lambda_basic","mode":"managed","type":"aws_iam_role_policy_attachment","name":"lambda_basic","provider_name":"registry.terraform.io/hashicorp/aws","schema_version":0,"values":{"policy_arn":"arn:aws:iam::aws:policy/service-role/AWSLambdaBasicExecutionRole","role":"nlp-pipeline-lambda-exec"},"sensitive_values":{},"identity_schema_version":0,"identity":{"account_id":null,"policy_arn":null,"role":null}},{"address":"aws_iam_role_policy_attachment.lambda_vpc","mode":"managed","type":"aws_iam_role_policy_attachment","name":"lambda_vpc","provider_name":"registry.terraform.io/hashicorp/aws","schema_version":0,"values":{"policy_arn":"arn:aws:iam::aws:policy/service-role/AWSLambdaVPCAccessExecutionRole","role":"nlp-pipeline-lambda-exec"},"sensitive_values":{},"identity_schema_version":0,"identity":{"account_id":null,"policy_arn":null,"role":null}},{"address":"aws_internet_gateway.gw","mode":"managed","type":"aws_internet_gateway","name":"gw","provider_name":"registry.terraform.io/hashicorp/aws","schema_version":0,"values":{"region":"us-east-1","tags":{"Name":"nlp-pipeline-igw"},"tags_all":{"Name":"nlp-pipeline-igw"},"timeouts":null},"sensitive_values":{"tags":{},"tags_all":{}}},{"address":"aws_nat_gateway.gw","mode":"managed","type":"aws_nat_gateway","name":"gw","provider_name":"registry.terraform.io/hashicorp/aws","schema_version":0,"values":{"availability_zone_address":[],"connectivity_type":"public","region":"us-east-1","tags":{"Name":"nlp-pipeline-nat-gw"},"tags_all":{"Name":"nlp-pipeline-nat-gw"},"timeouts":null},"sensitive_values":{"availability_zone_address":[],"regional_nat_gateway_address":[],"secondary_allocation_ids":[],"secondary_private_ip_addresses":[],"tags":{},"tags_all":{}}},{"address":"aws_route.private_nat_access","mode":"managed","type":"aws_route","name":"private_nat_access","provider_name":"registry.terraform.io/hashicorp/aws","schema_version":0,"values":{"carrier_gateway_id":null,"core_network_arn":null,"destination_cidr_block":"0.0.0.0/0","destination_ipv6_cidr_block":null,"destination_prefix_list_id":null,"egress_only_gateway_id":null,"gateway_id":null,"local_gateway_id":null,"region":"us-east-1","timeouts":null,"transit_gateway_id":null,"vpc_endpoint_id":null,"vpc_peering_connection_id":null},"sensitive_values":{},"identity_schema_version":0,"identity":{"account_id":null,"destination_cidr_block":null,"destination_ipv6_cidr_block":null,"destination_prefix_list_id":null,"region":null,"route_table_id":null}},{"address":"aws_route.public_internet_access","mode":"managed","type":"aws_route","name":"public_internet_access","provider_name":"registry.terraform.io/hashicorp/aws","schema_version":0,"values":{"carrier_gateway_id":null,"core_network_arn":null,"destination_cidr_block":"0.0.0.0/0","destination_ipv6_cidr_block":null,"destination_prefix_list_id":null,"egress_only_gateway_id":null,"local_gateway_id":null,"nat_gateway_id":null,"region":"us-east-1","timeouts":null,"transit_gateway_id":null,"vpc_endpoint_id":null,"vpc_peering_connection_id":null},"sensitive_values":{},"identity_schema_version":0,"identity":{"account_id":null,"destination_cidr_block":null,"destination_ipv6_cidr_block":null,"destination_prefix_list_id":null,"region":null,"route_table_id":null}},{"address":"aws_route_table.private","mode":"managed","type":"aws_route_table","name":"private","provider_name":"registry.terraform.io/hashicorp/aws","schema_version":0,"values":{"region":"us-east-1","tags":{"Name":"nlp-pipeline-private-rt"},"tags_all":{"Name":"nlp-pipeline-private-rt"},"timeouts":null},"sensitive_values":{"propagating_vgws":[],"route":[],"tags":{},"tags_all":{}},"identity_schema_version":0,"identity":{"account_id":null,"id":null,"region":null}},{"address":"aws_route_table.public","mode":"managed","type":"aws_route_table","name":"public","provider_name":"registry.terraform.io/hashicorp/aws","schema_version":0,"values":{"region":"us-east-1","tags":{"Name":"nlp-pipeline-public-rt"},"tags_all":{"Name":"nlp-pipeline-public-rt"},"timeouts":null},"sensitive_values":{"propagating_vgws":[],"route":[],"tags":{},"tags_all":{}},"identity_schema_version":0,"identity":{"account_id":null,"id":null,"region":null}},{"address":"aws_route_table_association.private[0]","mode":"managed","type":"aws_route_table_association","name":"private","index":0,"provider_name":"registry.terraform.io/hashicorp/aws","schema_version":0,"values":{"gateway_id":null,"region":"us-east-1","timeouts":null},"sensitive_values":{}},{"address":"aws_route_table_association.public[0]","mode":"managed","type":"aws_route_table_association","name":"public","index":0,"provider_name":"registry.terraform.io/hashicorp/aws","schema_version":0,"values":{"gateway_id":null,"region":"us-east-1","timeouts":null},"sensitive_values":{}},{"address":"aws_s3_bucket.data","mode":"managed","type":"aws_s3_bucket","name":"data","provider_name":"registry.terraform.io/hashicorp/aws","schema_version":0,"values":{"bucket":"nlp-pipeline-data-bucket","force_destroy":true,"region":"us-east-1","tags":{"Name":"nlp-pipeline-data-bucket"},"tags_all":{"Name":"nlp-pipeline-data-bucket"},"timeouts":null},"sensitive_values":{"cors_rule":[],"grant":[],"lifecycle_rule":[],"logging":[],"object_lock_configuration":[],"replication_configuration":[],"server_side_encryption_configuration":[],"tags":{},"tags_all":{},"versioning":[],"website":[]},"identity_schema_version":0,"identity":{"account_id":null,"bucket":null,"region":null}},{"address":"aws_security_group.lambda","mode":"managed","type":"aws_security_group","name":"lambda","provider_name":"registry.terraform.io/hashicorp/aws","schema_version":1,"values":{"description":"Allow Lambda access to VPC resources","egress":[{"cidr_blocks":["0.0.0.0/0"],"description":"","from_port":0,"ipv6_cidr_blocks":[],"prefix_list_ids":[],"protocol":"-1","security_groups":[],"self":false,"to_port":0}],"ingress":[{"cidr_blocks":["10.0.0.0/16"],"description":"","from_port":0,"ipv6_cidr_blocks":[],"prefix_list_ids":[],"protocol":"-1","security_groups":[],"self":false,"to_port":0}],"name":"nlp-pipeline-lambda-sg","region":"us-east-1","revoke_rules_on_delete":false,"tags":{"Name":"nlp-pipeline-lambda-sg"},"tags_all":{"Name":"nlp-pipeline-lambda-sg"},"timeouts":null},"sensitive_values":{"egress":[{"cidr_blocks":[false],"ipv6_cidr_blocks":[],"prefix_list_ids":[],"security_groups":[]}],"ingress":[{"cidr_blocks":[false],"ipv6_cidr_blocks":[],"prefix_list_ids":[],"security_groups":[]}],"tags":{},"tags_all":{}},"identity_schema_version":0,"identity":{"account_id":null,"id":null,"region":null}},{"address":"aws_sfn_state_machine.pipeline","mode":"managed","type":"aws_sfn_state_machine","name":"pipeline","provider_name":"registry.terraform.io/hashicorp/aws","schema_version":0,"values":{"definition":"{\n  \"Comment\": \"NLP Pipeline State Machine\",\n  \"StartAt\": \"ProcessSQSMessage\",\n  \"States\": {\n    \"ProcessSQSMessage\": {\n      \"Type\": \"Task\",\n      \"Resource\": \"arn:aws:states:::lambda:invoke\",\n      \"Parameters\": {\n        \"FunctionName\": \"arn:aws:lambda:us-east-1:123456789012:function:nlp-pipeline-processor\"\n      },\n      \"End\": true\n    }\n  }\n}\n","name":"nlp-pipeline-step-function","publish":false,"region":"us-east-1","tags":null,"timeouts":null,"type":"STANDARD"},"sensitive_values":{"encryption_configuration":[],"logging_configuration":[],"tags_all":{},"tracing_configuration":[]},"identity_schema_version":0,"identity":{"arn":null}},{"address":"aws_sqs_queue.pipeline","mode":"managed","type":"aws_sqs_queue","name":"pipeline","provider_name":"registry.terraform.io/hashicorp/aws","schema_version":0,"values":{"content_based_deduplication":false,"delay_seconds":0,"fifo_queue":false,"kms_master_key_id":null,"max_message_size":262144,"message_retention_seconds":345600,"name":"nlp-pipeline-queue","receive_wait_time_seconds":0,"region":"us-east-1","tags":{"Name":"nlp-pipeline-queue"},"tags_all":{"Name":"nlp-pipeline-queue"},"timeouts":null,"visibility_timeout_seconds":30},"sensitive_values":{"tags":{},"tags_all":{}},"identity_schema_version":1,"identity":{"url":null}},{"address":"aws_subnet.private[0]","mode":"managed","type":"aws_subnet","name":"private","index":0,"provider_name":"registry.terraform.io/hashicorp/aws","schema_version":1,"values":{"assign_ipv6_address_on_creation":false,"availability_zone":"us-east-1a","cidr_block":"10.0.2.0/24","customer_owned_ipv4_pool":null,"enable_dns64":false,"enable_lni_at_device_index":null,"enable_resource_name_dns_a_record_on_launch":false,"enable_resource_name_dns_aaaa_record_on_launch":false,"ipv6_cidr_block":null,"ipv6_native":false,"map_customer_owned_ip_on_launch":null,"map_public_ip_on_launch":false,"outpost_arn":null,"region":"us-east-1","tags":{"Name":"nlp-pipeline-private-subnet-0"},"tags_all":{"Name":"nlp-pipeline-private-subnet-0"},"timeouts":null},"sensitive_values":{"tags":{},"tags_all":{}},"identity_schema_version":0,"identity":{"account_id":null,"id":null,"region":null}},{"address":"aws_subnet.public[0]","mode":"managed","type":"aws_subnet","name":"public","index":0,"provider_name":"registry.terraform.io/hashicorp/aws","schema_version":1,"values":{"assign_ipv6_address_on_creation":false,"availability_zone":"us-east-1a","cidr_block":"10.0.1.0/24","customer_owned_ipv4_pool":null,"enable_dns64":false,"enable_lni_at_device_index":null,"enable_resource_name_dns_a_record_on_launch":false,"enable_resource_name_dns_aaaa_record_on_launch":false,"ipv6_cidr_block":null,"ipv6_native":false,"map_customer_owned_ip_on_launch":null,"map_public_ip_on_launch":true,"outpost_arn":null,"region":"us-east-1","tags":{"Name":"nlp-pipeline-public-subnet-0"},"tags_all":{"Name":"nlp-pipeline-public-subnet-0"},"timeouts":null},"sensitive_values":{"tags":{},"tags_all":{}},"identity_schema_version":0,"identity":{"account_id":null,"id":null,"region":null}},{"address":"aws_vpc.main","mode":"managed","type":"aws_vpc","name":"main","provider_name":"registry.terraform.io/hashicorp/aws","schema_version":1,"values":{"assign_generated_ipv6_cidr_block":null,"cidr_block":"10.0.0.0/16","enable_dns_hostnames":true,"enable_dns_support":true,"instance_tenancy":"default","ipv4_ipam_pool_id":null,"ipv4_netmask_length":null,"ipv6_ipam_pool_id":null,"ipv6_netmask_length":null,"region":"us-east-1","tags":{"Name":"nlp-pipeline-vpc"},"tags_all":{"Name":"nlp-pipeline-vpc"}},"sensitive_values":{"tags":{},"tags_all":{}},"identity_schema_version":0,"identity":{"account_id":null,"id":null,"region":null}},{"address":"data.aws_iam_policy_document.lambda_custom","mode":"data","type":"aws_iam_policy_document","name":"lambda_custom","provider_name":"registry.terraform.io/hashicorp/aws","schema_version":0,"values":{"override_json":null,"override_policy_documents":null,"policy_id":null,"source_json":null,"source_policy_documents":null,"statement":[{"actions":["s3:GetObject","s3:ListBucket","s3:PutObject"],"condition":[],"effect":null,"not_actions":null,"not_principals":[],"not_resources":null,"principals":[],"resources":[null,null],"sid":null},{"actions":["sqs:DeleteMessage","sqs:GetQueueAttributes","sqs:ReceiveMessage","sqs:SendMessage"],"condition":[],"effect":null,"not_actions":null,"not_principals":[],"not_resources":null,"principals":[],"resources":[null],"sid":null},{"actions":["comprehend:DetectEntities","comprehend:DetectKeyPhrases","comprehend:DetectSentiment","comprehend:DetectSyntax"],"condition":[],"effect":null,"not_actions":null,"not_principals":[],"not_resources":null,"principals":[],"resources":["*"],"sid":null},{"actions":["glue:BatchGetJobs","glue:GetJob","glue:GetJobRun","glue:GetJobRuns","glue:StartJobRun"],"condition":[],"effect":null,"not_actions":null,"not_principals":[],"not_resources":null,"principals":[],"resources":["*"],"sid":null},{"actions":["events:PutEvents"],"condition":[],"effect":null,"not_actions":null,"not_principals":[],"not_resources":null,"principals":[],"resources":["*"],"sid":null}],"version":null},"sensitive_values":{"statement":[{"actions":[false,false,false],"condition":[],"not_principals":[],"principals":[],"resources":[false,false]},{"actions":[false,false,false,false],"condition":[],"not_principals":[],"principals":[],"resources":[false]},{"actions":[false,false,false,false],"condition":[],"not_principals":[],"principals":[],"resources":[false]},{"actions":[false,false,false,false,false],"condition":[],"not_principals":[],"principals":[],"resources":[false]},{"actions":[false],"condition":[],"not_principals":[],"principals":[],"resources":[false]}]}}]}},"resource_changes":[{"address":"data.aws_iam_policy_document.lambda_custom","mode":"data","type":"aws_iam_policy_document","name":"lambda_custom","provider_name":"registry.terraform.io/hashicorp/aws","change":{"actions":["read"],"before":null,"after":{"override_json":null,"override_policy_documents":null,"policy_id":null,"source_json":null,"source_policy_documents":null,"statement":[{"actions":["s3:GetObject","s3:ListBucket","s3:PutObject"],"condition":[],"effect":null,"not_actions":null,"not_principals":[],"not_resources":null,"principals":[],"resources":[null,null],"sid":null},{"actions":["sqs:DeleteMessage","sqs:GetQueueAttributes","sqs:ReceiveMessage","sqs:SendMessage"],"condition":[],"effect":null,"not_actions":null,"not_principals":[],"not_resources":null,"principals":[],"resources":[null],"sid":null},{"actions":["comprehend:DetectEntities","comprehend:DetectKeyPhrases","comprehend:DetectSentiment","comprehend:DetectSyntax"],"condition":[],"effect":null,"not_actions":null,"not_principals":[],"not_resources":null,"principals":[],"resources":["*"],"sid":null},{"actions":["glue:BatchGetJobs","glue:GetJob","glue:GetJobRun","glue:GetJobRuns","glue:StartJobRun"],"condition":[],"effect":null,"not_actions":null,"not_principals":[],"not_resources":null,"principals":[],"resources":["*"],"sid":null},{"actions":["events:PutEvents"],"condition":[],"effect":null,"not_actions":null,"not_principals":[],"not_resources":null,"principals":[],"resources":["*"],"sid":null}],"version":null},"after_unknown":{"id":true,"json":true,"minified_json":true,"statement":[{"actions":[false,false,false],"condition":[],"not_principals":[],"principals":[],"resources":[true,true]},{"actions":[false,false,false,false],"condition":[],"not_principals":[],"principals":[],"resources":[true]},{"actions":[false,false,false,false],"condition":[],"not_principals":[],"principals":[],"resources":[false]},{"actions":[false,false,false,false,false],"condition":[],"not_principals":[],"principals":[],"resources":[false]},{"actions":[false],"condition":[],"not_principals":[],"principals":[],"resources":[false]}]},"before_sensitive":false,"after_sensitive":{"statement":[{"actions":[false,false,false],"condition":[],"not_principals":[],"principals":[],"resources":[false,false]},{"actions":[false,false,false,false],"condition":[],"not_principals":[],"principals":[],"resources":[false]},{"actions":[false,false,false,false],"condition":[],"not_principals":[],"principals":[],"resources":[false]},{"actions":[false,false,false,false,false],"condition":[],"not_principals":[],"principals":[],"resources":[false]},{"actions":[false],"condition":[],"not_principals":[],"principals":[],"resources":[false]}]}},"action_reason":"read_because_config_unknown"},{"address":"aws_cloudwatch_event_bus.pipeline","mode":"managed","type":"aws_cloudwatch_event_bus","name":"pipeline","provider_name":"registry.terraform.io/hashicorp/aws","change":{"actions":["create"],"before":null,"after":{"dead_letter_config":[],"description":null,"event_source_name":null,"kms_key_identifier":null,"log_config":[],"name":"nlp-pipeline-bus","region":"us-east-1","tags":null},"after_unknown":{"arn":true,"dead_letter_config":[],"id":true,"log_config":[],"tags_all":true},"before_sensitive":false,"after_sensitive":{"dead_letter_config":[],"log_config":[],"tags_all":{}}}},{"address":"aws_cloudwatch_event_rule.s3_object_created","mode":"managed","type":"aws_cloudwatch_event_rule","name":"s3_object_created","provider_name":"registry.terraform.io/hashicorp/aws","change":{"actions":["create"],"before":null,"after":{"description":null,"event_bus_name":"nlp-pipeline-bus","force_destroy":false,"is_enabled":null,"name":"nlp-pipeline-s3-object-created","region":"us-east-1","role_arn":null,"schedule_expression":null,"state":null,"tags":null},"after_unknown":{"arn":true,"event_pattern":true,"id":true,"name_prefix":true,"tags_all":true},"before_sensitive":false,"after_sensitive":{"tags_all":{}},"after_identity":{"account_id":null,"name":null,"region":null}}},{"address":"aws_cloudwatch_event_target.step_function","mode":"managed","type":"aws_cloudwatch_event_target","name":"step_function","provider_name":"registry.terraform.io/hashicorp/aws","change":{"actions":["create"],"before":null,"after":{"appsync_target":[],"batch_target":[],"dead_letter_config":[],"ecs_target":[],"event_bus_name":"nlp-pipeline-bus","force_destroy":false,"http_target":[],"input":null,"input_path":null,"input_transformer":[],"kinesis_target":[],"redshift_target":[],"region":"us-east-1","retry_policy":[],"role_arn":null,"rule":"nlp-pipeline-s3-object-created","run_command_targets":[],"sagemaker_pipeline_target":[],"sqs_target":[]},"after_unknown":{"appsync_target":[],"arn":true,"batch_target":[],"dead_letter_config":[],"ecs_target":[],"http_target":[],"id":true,"input_transformer":[],"kinesis_target":[],"redshift_target":[],"retry_policy":[],"run_command_targets":[],"sagemaker_pipeline_target":[],"sqs_target":[],"target_id":true},"before_sensitive":false,"after_sensitive":{"appsync_target":[],"batch_target":[],"dead_letter_config":[],"ecs_target":[],"http_target":[],"input_transformer":[],"kinesis_target":[],"redshift_target":[],"retry_policy":[],"run_command_targets":[],"sagemaker_pipeline_target":[],"sqs_target":[]},"after_identity":{"account_id":null,"event_bus_name":null,"region":null,"rule":null,"target_id":null}}},{"address":"aws_cloudwatch_log_group.lambda","mode":"managed","type":"aws_cloudwatch_log_group","name":"lambda","provider_name":"registry.terraform.io/hashicorp/aws","change":{"actions":["create"],"before":null,"after":{"kms_key_id":null,"name":"/aws/lambda/nlp-pipeline","region":"us-east-1","retention_in_days":14,"skip_destroy":false,"tags":null},"after_unknown":{"arn":true,"deletion_protection_enabled":true,"id":true,"log_group_class":true,"name_prefix":true,"tags_all":true},"before_sensitive":false,"after_sensitive":{"tags_all":{}},"after_identity":{"account_id":null,"name":null,"region":null}}},{"address":"aws_eip.nat","mode":"managed","type":"aws_eip","name":"nat","provider_name":"registry.terraform.io/hashicorp/aws","change":{"actions":["create"],"before":null,"after":{"address":null,"associate_with_private_ip":null,"customer_owned_ipv4_pool":null,"domain":"vpc","region":"us-east-1","tags":null,"timeouts":null},"after_unknown":{"allocation_id":true,"arn":true,"association_id":true,"carrier_ip":true,"customer_owned_ip":true,"id":true,"instance":true,"ipam_pool_id":true,"network_border_group":true,"network_interface":true,"private_dns":true,"private_ip":true,"ptr_record":true,"public_dns":true,"public_ip":true,"public_ipv4_pool":true,"tags_all":true},"before_sensitive":false,"after_sensitive":{"tags_all":{}}}},{"address":"aws_glue_catalog_database.nlp","mode":"managed","type":"aws_glue_catalog_database","name":"nlp","provider_name":"registry.terraform.io/hashicorp/aws","change":{"actions":["create"],"before":null,"after":{"description":null,"federated_database":[],"name":"nlp_pipeline_db","parameters":null,"region":"us-east-1","tags":null,"target_database":[]},"after_unknown":{"arn":true,"catalog_id":true,"create_table_default_permission":true,"federated_database":[],"id":true,"location_uri":true,"tags_all":true,"target_database":[]},"before_sensitive":false,"after_sensitive":{"create_table_default_permission":[],"federated_database":[],"tags_all":{},"target_database":[]}}},{"address":"aws_glue_job.nlp_etl","mode":"managed","type":"aws_glue_job","name":"nlp_etl","provider_name":"registry.terraform.io/hashicorp/aws","change":{"actions":["create"],"before":null,"after":{"command":[{"name":"glueetl","python_version":"3","script_location":"s3://nlp-pipeline-data-bucket/scripts/etl_script.py"}],"connections":null,"default_arguments":null,"description":null,"execution_class":null,"glue_version":"4.0","job_run_queuing_enabled":null,"maintenance_window":null,"max_capacity":2,"max_retries":null,"name":"nlp-pipeline-etl-job","non_overridable_arguments":null,"region":"us-east-1","security_configuration":null,"source_control_details":[],"tags":null},"after_unknown":{"arn":true,"command":[{"runtime":true}],"execution_property":true,"id":true,"job_mode":true,"notification_property":true,"number_of_workers":true,"role_arn":true,"source_control_details":[],"tags_all":true,"timeout":true,"worker_type":true},"before_sensitive":false,"after_sensitive":{"command":[{}],"execution_property":[],"notification_property":[],"source_control_details":[],"tags_all":{}}}},{"address":"aws_iam_role.lambda_exec","mode":"managed","type":"aws_iam_role","name":"lambda_exec","provider_name":"registry.terraform.io/hashicorp/aws","change":{"actions":["create"],"before":null,"after":{"assume_role_policy":"{\"Statement\":[{\"Action\":\"sts:AssumeRole\",\"Effect\":\"Allow\",\"Principal\":{\"Service\":\"lambda.amazonaws.com\"}}],\"Version\":\"2012-10-17\"}","description":null,"force_detach_policies":false,"max_session_duration":3600,"name":"nlp-pipeline-lambda-exec","path":"/","permissions_boundary":null,"tags":null},"after_unknown":{"arn":true,"create_date":true,"id":true,"inline_policy":true,"managed_policy_arns":true,"name_prefix":true,"tags_all":true,"unique_id":true},"before_sensitive":false,"after_sensitive":{"inline_policy":[],"managed_policy_arns":[],"tags_all":{}},"after_identity":{"account_id":null,"name":null}}},{"address":"aws_iam_role_policy.lambda_custom","mode":"managed","type":"aws_iam_role_policy","name":"lambda_custom","provider_name":"registry.terraform.io/hashicorp/aws","change":{"actions":["create"],"before":null,"after":{"name":"nlp-pipeline-lambda-custom"},"after_unknown":{"id":true,"name_prefix":true,"policy":true,"role":true},"before_sensitive":false,"after_sensitive":{},"after_identity":{"account_id":null,"name":null,"role":null}}},{"address":"aws_iam_role_policy_attachment.lambda_basic","mode":"managed","type":"aws_iam_role_policy_attachment","name":"lambda_basic","provider_name":"registry.terraform.io/hashicorp/aws","change":{"actions":["create"],"before":null,"after":{"policy_arn":"arn:aws:iam::aws:policy/service-role/AWSLambdaBasicExecutionRole","role":"nlp-pipeline-lambda-exec"},"after_unknown":{"id":true},"before_sensitive":false,"after_sensitive":{},"after_identity":{"account_id":null,"policy_arn":null,"role":null}}},{"address":"aws_iam_role_policy_attachment.lambda_vpc","mode":"managed","type":"aws_iam_role_policy_attachment","name":"lambda_vpc","provider_name":"registry.terraform.io/hashicorp/aws","change":{"actions":["create"],"before":null,"after":{"policy_arn":"arn:aws:iam::aws:policy/service-role/AWSLambdaVPCAccessExecutionRole","role":"nlp-pipeline-lambda-exec"},"after_unknown":{"id":true},"before_sensitive":false,"after_sensitive":{},"after_identity":{"account_id":null,"policy_arn":null,"role":null}}},{"address":"aws_internet_gateway.gw","mode":"managed","type":"aws_internet_gateway","name":"gw","provider_name":"registry.terraform.io/hashicorp/aws","change":{"actions":["create"],"before":null,"after":{"region":"us-east-1","tags":{"Name":"nlp-pipeline-igw"},"tags_all":{"Name":"nlp-pipeline-igw"},"timeouts":null},"after_unknown":{"arn":true,"id":true,"owner_id":true,"tags":{},"tags_all":{},"vpc_id":true},"before_sensitive":false,"after_sensitive":{"tags":{},"tags_all":{}}}},{"address":"aws_nat_gateway.gw","mode":"managed","type":"aws_nat_gateway","name":"gw","provider_name":"registry.terraform.io/hashicorp/aws","change":{"actions":["create"],"before":null,"after":{"availability_zone_address":[],"connectivity_type":"public","region":"us-east-1","tags":{"Name":"nlp-pipeline-nat-gw"},"tags_all":{"Name":"nlp-pipeline-nat-gw"},"timeouts":null},"after_unknown":{"allocation_id":true,"association_id":true,"auto_provision_zones":true,"auto_scaling_ips":true,"availability_mode":true,"availability_zone_address":[],"id":true,"network_interface_id":true,"private_ip":true,"public_ip":true,"regional_nat_gateway_address":true,"regional_nat_gateway_auto_mode":true,"route_table_id":true,"secondary_allocation_ids":true,"secondary_private_ip_address_count":true,"secondary_private_ip_addresses":true,"subnet_id":true,"tags":{},"tags_all":{},"vpc_id":true},"before_sensitive":false,"after_sensitive":{"availability_zone_address":[],"regional_nat_gateway_address":[],"secondary_allocation_ids":[],"secondary_private_ip_addresses":[],"tags":{},"tags_all":{}}}},{"address":"aws_route.private_nat_access","mode":"managed","type":"aws_route","name":"private_nat_access","provider_name":"registry.terraform.io/hashicorp/aws","change":{"actions":["create"],"before":null,"after":{"carrier_gateway_id":null,"core_network_arn":null,"destination_cidr_block":"0.0.0.0/0","destination_ipv6_cidr_block":null,"destination_prefix_list_id":null,"egress_only_gateway_id":null,"gateway_id":null,"local_gateway_id":null,"region":"us-east-1","timeouts":null,"transit_gateway_id":null,"vpc_endpoint_id":null,"vpc_peering_connection_id":null},"after_unknown":{"id":true,"instance_id":true,"instance_owner_id":true,"nat_gateway_id":true,"network_interface_id":true,"origin":true,"route_table_id":true,"state":true},"before_sensitive":false,"after_sensitive":{},"after_identity":{"account_id":null,"destination_cidr_block":null,"destination_ipv6_cidr_block":null,"destination_prefix_list_id":null,"region":null,"route_table_id":null}}},{"address":"aws_route.public_internet_access","mode":"managed","type":"aws_route","name":"public_internet_access","provider_name":"registry.terraform.io/hashicorp/aws","change":{"actions":["create"],"before":null,"after":{"carrier_gateway_id":null,"core_network_arn":null,"destination_cidr_block":"0.0.0.0/0","destination_ipv6_cidr_block":null,"destination_prefix_list_id":null,"egress_only_gateway_id":null,"local_gateway_id":null,"nat_gateway_id":null,"region":"us-east-1","timeouts":null,"transit_gateway_id":null,"vpc_endpoint_id":null,"vpc_peering_connection_id":null},"after_unknown":{"gateway_id":true,"id":true,"instance_id":true,"instance_owner_id":true,"network_interface_id":true,"origin":true,"route_table_id":true,"state":true},"before_sensitive":false,"after_sensitive":{},"after_identity":{"account_id":null,"destination_cidr_block":null,"destination_ipv6_cidr_block":null,"destination_prefix_list_id":null,"region":null,"route_table_id":null}}},{"address":"aws_route_table.private","mode":"managed","type":"aws_route_table","name":"private","provider_name":"registry.terraform.io/hashicorp/aws","change":{"actions":["create"],"before":null,"after":{"region":"us-east-1","tags":{"Name":"nlp-pipeline-private-rt"},"tags_all":{"Name":"nlp-pipeline-private-rt"},"timeouts":null},"after_unknown":{"arn":true,"id":true,"owner_id":true,"propagating_vgws":true,"route":true,"tags":{},"tags_all":{},"vpc_id":true},"before_sensitive":false,"after_sensitive":{"propagating_vgws":[],"route":[],"tags":{},"tags_all":{}},"after_identity":{"account_id":null,"id":null,"region":null}}},{"address":"aws_route_table.public","mode":"managed","type":"aws_route_table","name":"public","provider_name":"registry.terraform.io/hashicorp/aws","change":{"actions":["create"],"before":null,"after":{"region":"us-east-1","tags":{"Name":"nlp-pipeline-public-rt"},"tags_all":{"Name":"nlp-pipeline-public-rt"},"timeouts":null},"after_unknown":{"arn":true,"id":true,"owner_id":true,"propagating_vgws":true,"route":true,"tags":{},"tags_all":{},"vpc_id":true},"before_sensitive":false,"after_sensitive":{"propagating_vgws":[],"route":[],"tags":{},"tags_all":{}},"after_identity":{"account_id":null,"id":null,"region":null}}},{"address":"aws_route_table_association.private[0]","mode":"managed","type":"aws_route_table_association","name":"private","index":0,"provider_name":"registry.terraform.io/hashicorp/aws","change":{"actions":["create"],"before":null,"after":{"gateway_id":null,"region":"us-east-1","timeouts":null},"after_unknown":{"id":true,"route_table_id":true,"subnet_id":true},"before_sensitive":false,"after_sensitive":{}}},{"address":"aws_route_table_association.public[0]","mode":"managed","type":"aws_route_table_association","name":"public","index":0,"provider_name":"registry.terraform.io/hashicorp/aws","change":{"actions":["create"],"before":null,"after":{"gateway_id":null,"region":"us-east-1","timeouts":null},"after_unknown":{"id":true,"route_table_id":true,"subnet_id":true},"before_sensitive":false,"after_sensitive":{}}},{"address":"aws_s3_bucket.data","mode":"managed","type":"aws_s3_bucket","name":"data","provider_name":"registry.terraform.io/hashicorp/aws","change":{"actions":["create"],"before":null,"after":{"bucket":"nlp-pipeline-data-bucket","force_destroy":true,"region":"us-east-1","tags":{"Name":"nlp-pipeline-data-bucket"},"tags_all":{"Name":"nlp-pipeline-data-bucket"},"timeouts":null},"after_unknown":{"acceleration_status":true,"acl":true,"arn":true,"bucket_domain_name":true,"bucket_prefix":true,"bucket_region":true,"bucket_regional_domain_name":true,"cors_rule":true,"grant":true,"hosted_zone_id":true,"id":true,"lifecycle_rule":true,"logging":true,"object_lock_configuration":true,"object_lock_enabled":true,"policy":true,"replication_configuration":true,"request_payer":true,"server_side_encryption_configuration":true,"tags":{},"tags_all":{},"versioning":true,"website":true,"website_domain":true,"website_endpoint":true},"before_sensitive":false,"after_sensitive":{"cors_rule":[],"grant":[],"lifecycle_rule":[],"logging":[],"object_lock_configuration":[],"replication_configuration":[],"server_side_encryption_configuration":[],"tags":{},"tags_all":{},"versioning":[],"website":[]},"after_identity":{"account_id":null,"bucket":null,"region":null}}},{"address":"aws_security_group.lambda","mode":"managed","type":"aws_security_group","name":"lambda","provider_name":"registry.terraform.io/hashicorp/aws","change":{"actions":["create"],"before":null,"after":{"description":"Allow Lambda access to VPC resources","egress":[{"cidr_blocks":["0.0.0.0/0"],"description":"","from_port":0,"ipv6_cidr_blocks":[],"prefix_list_ids":[],"protocol":"-1","security_groups":[],"self":false,"to_port":0}],"ingress":[{"cidr_blocks":["10.0.0.0/16"],"description":"","from_port":0,"ipv6_cidr_blocks":[],"prefix_list_ids":[],"protocol":"-1","security_groups":[],"self":false,"to_port":0}],"name":"nlp-pipeline-lambda-sg","region":"us-east-1","revoke_rules_on_delete":false,"tags":{"Name":"nlp-pipeline-lambda-sg"},"tags_all":{"Name":"nlp-pipeline-lambda-sg"},"timeouts":null},"after_unknown":{"arn":true,"egress":[{"cidr_blocks":[false],"ipv6_cidr_blocks":[],"prefix_list_ids":[],"security_groups":[]}],"id":true,"ingress":[{"cidr_blocks":[false],"ipv6_cidr_blocks":[],"prefix_list_ids":[],"security_groups":[]}],"name_prefix":true,"owner_id":true,"tags":{},"tags_all":{},"vpc_id":true},"before_sensitive":false,"after_sensitive":{"egress":[{"cidr_blocks":[false],"ipv6_cidr_blocks":[],"prefix_list_ids":[],"security_groups":[]}],"ingress":[{"cidr_blocks":[false],"ipv6_cidr_blocks":[],"prefix_list_ids":[],"security_groups":[]}],"tags":{},"tags_all":{}},"after_identity":{"account_id":null,"id":null,"region":null}}},{"address":"aws_sfn_state_machine.pipeline","mode":"managed","type":"aws_sfn_state_machine","name":"pipeline","provider_name":"registry.terraform.io/hashicorp/aws","change":{"actions":["create"],"before":null,"after":{"definition":"{\n  \"Comment\": \"NLP Pipeline State Machine\",\n  \"StartAt\": \"ProcessSQSMessage\",\n  \"States\": {\n    \"ProcessSQSMessage\": {\n      \"Type\": \"Task\",\n      \"Resource\": \"arn:aws:states:::lambda:invoke\",\n      \"Parameters\": {\n        \"FunctionName\": \"arn:aws:lambda:us-east-1:123456789012:function:nlp-pipeline-processor\"\n      },\n      \"End\": true\n    }\n  }\n}\n","name":"nlp-pipeline-step-function","publish":false,"region":"us-east-1","tags":null,"timeouts":null,"type":"STANDARD"},"after_unknown":{"arn":true,"creation_date":true,"description":true,"encryption_configuration":true,"id":true,"logging_configuration":true,"name_prefix":true,"revision_id":true,"role_arn":true,"state_machine_version_arn":true,"status":true,"tags_all":true,"tracing_configuration":true,"version_description":true},"before_sensitive":false,"after_sensitive":{"encryption_configuration":[],"logging_configuration":[],"tags_all":{},"tracing_configuration":[]},"after_identity":{"arn":null}}},{"address":"aws_sqs_queue.pipeline","mode":"managed","type":"aws_sqs_queue","name":"pipeline","provider_name":"registry.terraform.io/hashicorp/aws","change":{"actions":["create"],"before":null,"after":{"content_based_deduplication":false,"delay_seconds":0,"fifo_queue":false,"kms_master_key_id":null,"max_message_size":262144,"message_retention_seconds":345600,"name":"nlp-pipeline-queue","receive_wait_time_seconds":0,"region":"us-east-1","tags":{"Name":"nlp-pipeline-queue"},"tags_all":{"Name":"nlp-pipeline-queue"},"timeouts":null,"visibility_timeout_seconds":30},"after_unknown":{"arn":true,"deduplication_scope":true,"fifo_throughput_limit":true,"id":true,"kms_data_key_reuse_period_seconds":true,"name_prefix":true,"policy":true,"redrive_allow_policy":true,"redrive_policy":true,"sqs_managed_sse_enabled":true,"tags":{},"tags_all":{},"url":true},"before_sensitive":false,"after_sensitive":{"tags":{},"tags_all":{}},"after_identity":{"url":null}}},{"address":"aws_subnet.private[0]","mode":"managed","type":"aws_subnet","name":"private","index":0,"provider_name":"registry.terraform.io/hashicorp/aws","change":{"actions":["create"],"before":null,"after":{"assign_ipv6_address_on_creation":false,"availability_zone":"us-east-1a","cidr_block":"10.0.2.0/24","customer_owned_ipv4_pool":null,"enable_dns64":false,"enable_lni_at_device_index":null,"enable_resource_name_dns_a_record_on_launch":false,"enable_resource_name_dns_aaaa_record_on_launch":false,"ipv6_cidr_block":null,"ipv6_native":false,"map_customer_owned_ip_on_launch":null,"map_public_ip_on_launch":false,"outpost_arn":null,"region":"us-east-1","tags":{"Name":"nlp-pipeline-private-subnet-0"},"tags_all":{"Name":"nlp-pipeline-private-subnet-0"},"timeouts":null},"after_unknown":{"arn":true,"availability_zone_id":true,"id":true,"ipv6_cidr_block_association_id":true,"owner_id":true,"private_dns_hostname_type_on_launch":true,"tags":{},"tags_all":{},"vpc_id":true},"before_sensitive":false,"after_sensitive":{"tags":{},"tags_all":{}},"after_identity":{"account_id":null,"id":null,"region":null}}},{"address":"aws_subnet.public[0]","mode":"managed","type":"aws_subnet","name":"public","index":0,"provider_name":"registry.terraform.io/hashicorp/aws","change":{"actions":["create"],"before":null,"after":{"assign_ipv6_address_on_creation":false,"availability_zone":"us-east-1a","cidr_block":"10.0.1.0/24","customer_owned_ipv4_pool":null,"enable_dns64":false,"enable_lni_at_device_index":null,"enable_resource_name_dns_a_record_on_launch":false,"enable_resource_name_dns_aaaa_record_on_launch":false,"ipv6_cidr_block":null,"ipv6_native":false,"map_customer_owned_ip_on_launch":null,"map_public_ip_on_launch":true,"outpost_arn":null,"region":"us-east-1","tags":{"Name":"nlp-pipeline-public-subnet-0"},"tags_all":{"Name":"nlp-pipeline-public-subnet-0"},"timeouts":null},"after_unknown":{"arn":true,"availability_zone_id":true,"id":true,"ipv6_cidr_block_association_id":true,"owner_id":true,"private_dns_hostname_type_on_launch":true,"tags":{},"tags_all":{},"vpc_id":true},"before_sensitive":false,"after_sensitive":{"tags":{},"tags_all":{}},"after_identity":{"account_id":null,"id":null,"region":null}}},{"address":"aws_vpc.main","mode":"managed","type":"aws_vpc","name":"main","provider_name":"registry.terraform.io/hashicorp/aws","change":{"actions":["create"],"before":null,"after":{"assign_generated_ipv6_cidr_block":null,"cidr_block":"10.0.0.0/16","enable_dns_hostnames":true,"enable_dns_support":true,"instance_tenancy":"default","ipv4_ipam_pool_id":null,"ipv4_netmask_length":null,"ipv6_ipam_pool_id":null,"ipv6_netmask_length":null,"region":"us-east-1","tags":{"Name":"nlp-pipeline-vpc"},"tags_all":{"Name":"nlp-pipeline-vpc"}},"after_unknown":{"arn":true,"default_network_acl_id":true,"default_route_table_id":true,"default_security_group_id":true,"dhcp_options_id":true,"enable_network_address_usage_metrics":true,"id":true,"ipv6_association_id":true,"ipv6_cidr_block":true,"ipv6_cidr_block_network_border_group":true,"main_route_table_id":true,"owner_id":true,"tags":{},"tags_all":{}},"before_sensitive":false,"after_sensitive":{"tags":{},"tags_all":{}},"after_identity":{"account_id":null,"id":null,"region":null}}}],"output_changes":{"eventbridge_bus_arn":{"actions":["create"],"before":null,"after_unknown":true,"before_sensitive":false,"after_sensitive":false},"private_subnet_ids":{"actions":["create"],"before":null,"after":[null],"after_unknown":[true],"before_sensitive":false,"after_sensitive":false},"public_subnet_ids":{"actions":["create"],"before":null,"after":[null],"after_unknown":[true],"before_sensitive":false,"after_sensitive":false},"s3_bucket_arn":{"actions":["create"],"before":null,"after_unknown":true,"before_sensitive":false,"after_sensitive":false},"sqs_queue_url":{"actions":["create"],"before":null,"after_unknown":true,"before_sensitive":false,"after_sensitive":false},"step_function_arn":{"actions":["create"],"before":null,"after_unknown":true,"before_sensitive":false,"after_sensitive":false},"vpc_id":{"actions":["create"],"before":null,"after_unknown":true,"before_sensitive":false,"after_sensitive":false}},"prior_state":{"format_version":"1.0","terraform_version":"1.13.5","values":{"root_module":{"resources":[{"address":"data.aws_availability_zones.available","mode":"data","type":"aws_availability_zones","name":"available","provider_name":"registry.terraform.io/hashicorp/aws","schema_version":0,"values":{"all_availability_zones":null,"exclude_names":null,"exclude_zone_ids":null,"filter":null,"group_names":[""],"id":"us-east-1","names":["us-east-1a","us-east-1b","us-east-1c","us-east-1d","us-east-1e","us-east-1f"],"region":"us-east-1","state":null,"timeouts":null,"zone_ids":["use1-az6","use1-az1","use1-az2","use1-az4","use1-az3","use1-az5"]},"sensitive_values":{"group_names":[false],"names":[false,false,false,false,false,false],"zone_ids":[false,false,false,false,false,false]}},{"address":"data.aws_iam_policy_document.lambda_assume_role","mode":"data","type":"aws_iam_policy_document","name":"lambda_assume_role","provider_name":"registry.terraform.io/hashicorp/aws","schema_version":0,"values":{"id":"2690255455","json":"{\n  \"Version\": \"2012-10-17\",\n  \"Statement\": [\n    {\n      \"Effect\": \"Allow\",\n      \"Action\": \"sts:AssumeRole\",\n      \"Principal\": {\n        \"Service\": \"lambda.amazonaws.com\"\n      }\n    }\n  ]\n}","minified_json":"{\"Version\":\"2012-10-17\",\"Statement\":[{\"Effect\":\"Allow\",\"Action\":\"sts:AssumeRole\",\"Principal\":{\"Service\":\"lambda.amazonaws.com\"}}]}","override_json":null,"override_policy_documents":null,"policy_id":null,"source_json":null,"source_policy_documents":null,"statement":[{"actions":["sts:AssumeRole"],"condition":[],"effect":"Allow","not_actions":[],"not_principals":[],"not_resources":[],"principals":[{"identifiers":["lambda.amazonaws.com"],"type":"Service"}],"resources":[],"sid":""}],"version":"2012-10-17"},"sensitive_values":{"statement":[{"actions":[false],"condition":[],"not_actions":[],"not_principals":[],"not_resources":[],"principals":[{"identifiers":[false]}],"resources":[]}]}}]}}},"configuration":{"provider_config":{"aws":{"name":"aws","full_name":"registry.terraform.io/hashicorp/aws","version_constraint":"6.28.0","expressions":{"region":{"references":["var.aws_region"]}}}},"root_module":{"outputs":{"eventbridge_bus_arn":{"expression":{"references":["aws_cloudwatch_event_bus.pipeline.arn","aws_cloudwatch_event_bus.pipeline"]}},"private_subnet_ids":{"expression":{"references":["aws_subnet.private"]}},"public_subnet_ids":{"expression":{"references":["aws_subnet.public"]}},"s3_bucket_arn":{"expression":{"references":["aws_s3_bucket.data.arn","aws_s3_bucket.data"]}},"sqs_queue_url":{"expression":{"references":["aws_sqs_queue.pipeline.url","aws_sqs_queue.pipeline"]}},"step_function_arn":{"expression":{"references":["aws_sfn_state_machine.pipeline.arn","aws_sfn_state_machine.pipeline"]}},"vpc_id":{"expression":{"references":["aws_vpc.main.id","aws_vpc.main"]}}},"resources":[{"address":"aws_cloudwatch_event_bus.pipeline","mode":"managed","type":"aws_cloudwatch_event_bus","name":"pipeline","provider_config_key":"aws","expressions":{"name":{"constant_value":"nlp-pipeline-bus"}},"schema_version":0},{"address":"aws_cloudwatch_event_rule.s3_object_created","mode":"managed","type":"aws_cloudwatch_event_rule","name":"s3_object_created","provider_config_key":"aws","expressions":{"event_bus_name":{"references":["aws_cloudwatch_event_bus.pipeline.name","aws_cloudwatch_event_bus.pipeline"]},"event_pattern":{"references":["aws_s3_bucket.data.arn","aws_s3_bucket.data"]},"name":{"constant_value":"nlp-pipeline-s3-object-created"}},"schema_version":1},{"address":"aws_cloudwatch_event_target.step_function","mode":"managed","type":"aws_cloudwatch_event_target","name":"step_function","provider_config_key":"aws","expressions":{"arn":{"references":["aws_sfn_state_machine.pipeline.arn","aws_sfn_state_machine.pipeline"]},"event_bus_name":{"references":["aws_cloudwatch_event_bus.pipeline.name","aws_cloudwatch_event_bus.pipeline"]},"rule":{"references":["aws_cloudwatch_event_rule.s3_object_created.name","aws_cloudwatch_event_rule.s3_object_created"]}},"schema_version":1},{"address":"aws_cloudwatch_log_group.lambda","mode":"managed","type":"aws_cloudwatch_log_group","name":"lambda","provider_config_key":"aws","expressions":{"name":{"constant_value":"/aws/lambda/nlp-pipeline"},"retention_in_days":{"constant_value":14}},"schema_version":0},{"address":"aws_eip.nat","mode":"managed","type":"aws_eip","name":"nat","provider_config_key":"aws","expressions":{"domain":{"constant_value":"vpc"}},"schema_version":0},{"address":"aws_glue_catalog_database.nlp","mode":"managed","type":"aws_glue_catalog_database","name":"nlp","provider_config_key":"aws","expressions":{"name":{"constant_value":"nlp_pipeline_db"}},"schema_version":0},{"address":"aws_glue_job.nlp_etl","mode":"managed","type":"aws_glue_job","name":"nlp_etl","provider_config_key":"aws","expressions":{"command":[{"name":{"constant_value":"glueetl"},"python_version":{"constant_value":"3"},"script_location":{"references":["aws_s3_bucket.data.bucket","aws_s3_bucket.data"]}}],"glue_version":{"constant_value":"4.0"},"max_capacity":{"constant_value":2},"name":{"constant_value":"nlp-pipeline-etl-job"},"role_arn":{"references":["aws_iam_role.lambda_exec.arn","aws_iam_role.lambda_exec"]}},"schema_version":0},{"address":"aws_iam_role.lambda_exec","mode":"managed","type":"aws_iam_role","name":"lambda_exec","provider_config_key":"aws","expressions":{"assume_role_policy":{"references":["data.aws_iam_policy_document.lambda_assume_role.json","data.aws_iam_policy_document.lambda_assume_role"]},"name":{"constant_value":"nlp-pipeline-lambda-exec"}},"schema_version":0},{"address":"aws_iam_role_policy.lambda_custom","mode":"managed","type":"aws_iam_role_policy","name":"lambda_custom","provider_config_key":"aws","expressions":{"name":{"constant_value":"nlp-pipeline-lambda-custom"},"policy":{"references":["data.aws_iam_policy_document.lambda_custom.json","data.aws_iam_policy_document.lambda_custom"]},"role":{"references":["aws_iam_role.lambda_exec.id","aws_iam_role.lambda_exec"]}},"schema_version":0},{"address":"aws_iam_role_policy_attachment.lambda_basic","mode":"managed","type":"aws_iam_role_policy_attachment","name":"lambda_basic","provider_config_key":"aws","expressions":{"policy_arn":{"constant_value":"arn:aws:iam::aws:policy/service-role/AWSLambdaBasicExecutionRole"},"role":{"references":["aws_iam_role.lambda_exec.name","aws_iam_role.lambda_exec"]}},"schema_version":0},{"address":"aws_iam_role_policy_attachment.lambda_vpc","mode":"managed","type":"aws_iam_role_policy_attachment","name":"lambda_vpc","provider_config_key":"aws","expressions":{"policy_arn":{"constant_value":"arn:aws:iam::aws:policy/service-role/AWSLambdaVPCAccessExecutionRole"},"role":{"references":["aws_iam_role.lambda_exec.name","aws_iam_role.lambda_exec"]}},"schema_version":0},{"address":"aws_internet_gateway.gw","mode":"managed","type":"aws_internet_gateway","name":"gw","provider_config_key":"aws","expressions":{"tags":{"constant_value":{"Name":"nlp-pipeline-igw"}},"vpc_id":{"references":["aws_vpc.main.id","aws_vpc.main"]}},"schema_version":0},{"address":"aws_nat_gateway.gw","mode":"managed","type":"aws_nat_gateway","name":"gw","provider_config_key":"aws","expressions":{"allocation_id":{"references":["aws_eip.nat.id","aws_eip.nat"]},"subnet_id":{"references":["aws_subnet.public[0].id","aws_subnet.public[0]","aws_subnet.public"]},"tags":{"constant_value":{"Name":"nlp-pipeline-nat-gw"}}},"schema_version":0,"depends_on":["aws_internet_gateway.gw"]},{"address":"aws_route.private_nat_access","mode":"managed","type":"aws_route","name":"private_nat_access","provider_config_key":"aws","expressions":{"destination_cidr_block":{"constant_value":"0.0.0.0/0"},"nat_gateway_id":{"references":["aws_nat_gateway.gw.id","aws_nat_gateway.gw"]},"route_table_id":{"references":["aws_route_table.private.id","aws_route_table.private"]}},"schema_version":0},{"address":"aws_route.public_internet_access","mode":"managed","type":"aws_route","name":"public_internet_access","provider_config_key":"aws","expressions":{"destination_cidr_block":{"constant_value":"0.0.0.0/0"},"gateway_id":{"references":["aws_internet_gateway.gw.id","aws_internet_gateway.gw"]},"route_table_id":{"references":["aws_route_table.public.id","aws_route_table.public"]}},"schema_version":0},{"address":"aws_route_table.private","mode":"managed","type":"aws_route_table","name":"private","provider_config_key":"aws","expressions":{"tags":{"constant_value":{"Name":"nlp-pipeline-private-rt"}},"vpc_id":{"references":["aws_vpc.main.id","aws_vpc.main"]}},"schema_version":0},{"address":"aws_route_table.public","mode":"managed","type":"aws_route_table","name":"public","provider_config_key":"aws","expressions":{"tags":{"constant_value":{"Name":"nlp-pipeline-public-rt"}},"vpc_id":{"references":["aws_vpc.main.id","aws_vpc.main"]}},"schema_version":0},{"address":"aws_route_table_association.private","mode":"managed","type":"aws_route_table_association","name":"private","provider_config_key":"aws","expressions":{"route_table_id":{"references":["aws_route_table.private.id","aws_route_table.private"]},"subnet_id":{"references":["aws_subnet.private","count.index"]}},"schema_version":0,"count_expression":{"references":["var.private_subnet_cidrs"]}},{"address":"aws_route_table_association.public","mode":"managed","type":"aws_route_table_association","name":"public","provider_config_key":"aws","expressions":{"route_table_id":{"references":["aws_route_table.public.id","aws_route_table.public"]},"subnet_id":{"references":["aws_subnet.public","count.index"]}},"schema_version":0,"count_expression":{"references":["var.public_subnet_cidrs"]}},{"address":"aws_s3_bucket.data","mode":"managed","type":"aws_s3_bucket","name":"data","provider_config_key":"aws","expressions":{"bucket":{"references":["var.s3_bucket_name"]},"force_destroy":{"constant_value":true},"tags":{"constant_value":{"Name":"nlp-pipeline-data-bucket"}}},"schema_version":0},{"address":"aws_security_group.lambda","mode":"managed","type":"aws_security_group","name":"lambda","provider_config_key":"aws","expressions":{"description":{"constant_value":"Allow Lambda access to VPC resources"},"egress":{"constant_value":[{"cidr_blocks":["0.0.0.0/0"],"description":null,"from_port":0,"ipv6_cidr_blocks":null,"prefix_list_ids":null,"protocol":"-1","security_groups":null,"self":null,"to_port":0}]},"ingress":{"references":["aws_vpc.main.cidr_block","aws_vpc.main"]},"name":{"constant_value":"nlp-pipeline-lambda-sg"},"tags":{"constant_value":{"Name":"nlp-pipeline-lambda-sg"}},"vpc_id":{"references":["aws_vpc.main.id","aws_vpc.main"]}},"schema_version":1},{"address":"aws_sfn_state_machine.pipeline","mode":"managed","type":"aws_sfn_state_machine","name":"pipeline","provider_config_key":"aws","expressions":{"definition":{"references":["var.aws_region"]},"name":{"constant_value":"nlp-pipeline-step-function"},"role_arn":{"references":["aws_iam_role.lambda_exec.arn","aws_iam_role.lambda_exec"]}},"schema_version":0},{"address":"aws_sqs_queue.pipeline","mode":"managed","type":"aws_sqs_queue","name":"pipeline","provider_config_key":"aws","expressions":{"name":{"references":["var.sqs_queue_name"]},"tags":{"constant_value":{"Name":"nlp-pipeline-queue"}}},"schema_version":0},{"address":"aws_subnet.private","mode":"managed","type":"aws_subnet","name":"private","provider_config_key":"aws","expressions":{"availability_zone":{"references":["data.aws_availability_zones.available.names","data.aws_availability_zones.available","count.index"]},"cidr_block":{"references":["var.private_subnet_cidrs","count.index"]},"tags":{"references":["count.index"]},"vpc_id":{"references":["aws_vpc.main.id","aws_vpc.main"]}},"schema_version":1,"count_expression":{"references":["var.private_subnet_cidrs"]}},{"address":"aws_subnet.public","mode":"managed","type":"aws_subnet","name":"public","provider_config_key":"aws","expressions":{"availability_zone":{"references":["data.aws_availability_zones.available.names","data.aws_availability_zones.available","count.index"]},"cidr_block":{"references":["var.public_subnet_cidrs","count.index"]},"map_public_ip_on_launch":{"constant_value":true},"tags":{"references":["count.index"]},"vpc_id":{"references":["aws_vpc.main.id","aws_vpc.main"]}},"schema_version":1,"count_expression":{"references":["var.public_subnet_cidrs"]}},{"address":"aws_vpc.main","mode":"managed","type":"aws_vpc","name":"main","provider_config_key":"aws","expressions":{"cidr_block":{"references":["var.vpc_cidr"]},"enable_dns_hostnames":{"constant_value":true},"enable_dns_support":{"constant_value":true},"tags":{"constant_value":{"Name":"nlp-pipeline-vpc"}}},"schema_version":1},{"address":"data.aws_availability_zones.available","mode":"data","type":"aws_availability_zones","name":"available","provider_config_key":"aws","schema_version":0},{"address":"data.aws_iam_policy_document.lambda_assume_role","mode":"data","type":"aws_iam_policy_document","name":"lambda_assume_role","provider_config_key":"aws","expressions":{"statement":[{"actions":{"constant_value":["sts:AssumeRole"]},"principals":[{"identifiers":{"constant_value":["lambda.amazonaws.com"]},"type":{"constant_value":"Service"}}]}]},"schema_version":0},{"address":"data.aws_iam_policy_document.lambda_custom","mode":"data","type":"aws_iam_policy_document","name":"lambda_custom","provider_config_key":"aws","expressions":{"statement":[{"actions":{"constant_value":["s3:GetObject","s3:PutObject","s3:ListBucket"]},"resources":{"references":["aws_s3_bucket.data.arn","aws_s3_bucket.data","aws_s3_bucket.data.arn","aws_s3_bucket.data"]}},{"actions":{"constant_value":["sqs:SendMessage","sqs:ReceiveMessage","sqs:DeleteMessage","sqs:GetQueueAttributes"]},"resources":{"references":["aws_sqs_queue.pipeline.arn","aws_sqs_queue.pipeline"]}},{"actions":{"constant_value":["comprehend:DetectEntities","comprehend:DetectSentiment","comprehend:DetectKeyPhrases","comprehend:DetectSyntax"]},"resources":{"constant_value":["*"]}},{"actions":{"constant_value":["glue:StartJobRun","glue:GetJobRun","glue:GetJobRuns","glue:GetJob","glue:BatchGetJobs"]},"resources":{"constant_value":["*"]}},{"actions":{"constant_value":["events:PutEvents"]},"resources":{"constant_value":["*"]}}]},"schema_version":0}],"variables":{"aws_region":{"default":"us-east-1","description":"AWS region to deploy resources in."},"private_subnet_cidrs":{"default":["10.0.2.0/24"],"description":"List of private subnet CIDR blocks."},"public_subnet_cidrs":{"default":["10.0.1.0/24"],"description":"List of public subnet CIDR blocks."},"s3_bucket_name":{"default":"nlp-pipeline-data-bucket","description":"Name for the S3 bucket."},"sqs_queue_name":{"default":"nlp-pipeline-queue","description":"Name for the SQS queue."},"vpc_cidr":{"default":"10.0.0.0/16","description":"CIDR block for the VPC."}}}},"relevant_attributes":[{"resource":"aws_cloudwatch_event_bus.pipeline","attribute":["name"]},{"resource":"aws_iam_role.lambda_exec","attribute":["name"]},{"resource":"aws_route_table.private","attribute":["id"]},{"resource":"aws_s3_bucket.data","attribute":["bucket"]},{"resource":"data.aws_availability_zones.available","attribute":["names"]},{"resource":"aws_cloudwatch_event_rule.s3_object_created","attribute":["name"]},{"resource":"aws_s3_bucket.data","attribute":["arn"]},{"resource":"aws_nat_gateway.gw","attribute":["id"]},{"resource":"aws_subnet.public","attribute":[]},{"resource":"data.aws_iam_policy_document.lambda_assume_role","attribute":["json"]},{"resource":"aws_sfn_state_machine.pipeline","attribute":["arn"]},{"resource":"aws_iam_role.lambda_exec","attribute":["arn"]},{"resource":"data.aws_iam_policy_document.lambda_custom","attribute":["json"]},{"resource":"aws_vpc.main","attribute":["cidr_block"]},{"resource":"aws_eip.nat","attribute":["id"]},{"resource":"aws_route_table.public","attribute":["id"]},{"resource":"aws_cloudwatch_event_bus.pipeline","attribute":["arn"]},{"resource":"aws_subnet.public[0]","attribute":["id"]},{"resource":"aws_iam_role.lambda_exec","attribute":["id"]},{"resource":"aws_sqs_queue.pipeline","attribute":["arn"]},{"resource":"aws_internet_gateway.gw","attribute":["id"]},{"resource":"aws_sqs_queue.pipeline","attribute":["url"]},{"resource":"aws_subnet.private","attribute":[]},{"resource":"aws_vpc.main","attribute":["id"]}],"timestamp":"2026-01-18T15:22:50Z","applyable":true,"complete":true,"errored":false}
