{
  "version": 4,
  "terraform_version": "1.13.5",
  "serial": 1,
  "lineage": "bf7e85ce-5913-dd00-2fa6-cdb42325be17",
  "outputs": {
    "aws_region": {
      "value": "us-east-1",
      "type": "string"
    }
  },
  "resources": [
    {
      "mode": "managed",
      "type": "random_id",
      "name": "suffix",
      "provider": "provider[\"registry.terraform.io/hashicorp/random\"]",
      "instances": [
        {
          "schema_version": 0,
          "attributes": {
            "b64_std": "ImOycg==",
            "b64_url": "ImOycg",
            "byte_length": 4,
            "dec": "576959090",
            "hex": "2263b272",
            "id": "ImOycg",
            "keepers": null,
            "prefix": null
          },
          "sensitive_attributes": [],
          "identity_schema_version": 0
        }
      ]
    }
  ],
  "check_results": null
}
