{
  "version": 4,
  "terraform_version": "1.13.5",
  "serial": 1,
  "lineage": "d8655989-4712-c5f7-6649-9c4eb18fcd63",
  "outputs": {},
  "resources": [
    {
      "mode": "managed",
      "type": "random_id",
      "name": "suffix",
      "provider": "provider[\"registry.terraform.io/hashicorp/random\"]",
      "instances": [
        {
          "schema_version": 0,
          "attributes": {
            "b64_std": "Lbvi3A==",
            "b64_url": "Lbvi3A",
            "byte_length": 4,
            "dec": "767288028",
            "hex": "2dbbe2dc",
            "id": "Lbvi3A",
            "keepers": null,
            "prefix": null
          },
          "sensitive_attributes": [],
          "identity_schema_version": 0
        }
      ]
    }
  ],
  "check_results": null
}
