{"format_version":"1.2","terraform_version":"1.13.5","planned_values":{"root_module":{"resources":[{"address":"helm_release.cert-manager","mode":"managed","type":"helm_release","name":"cert-manager","provider_name":"registry.terraform.io/hashicorp/helm","schema_version":1,"values":{"atomic":false,"chart":"cert-manager","cleanup_on_fail":false,"create_namespace":true,"dependency_update":false,"description":null,"devel":null,"disable_crd_hooks":false,"disable_openapi_validation":false,"disable_webhooks":false,"force_update":false,"keyring":null,"lint":false,"max_history":0,"name":"cert-manager","namespace":"cert-manager","pass_credentials":false,"postrender":[],"recreate_pods":false,"render_subchart_notes":true,"replace":false,"repository":"https://charts.jetstack.io","repository_ca_file":null,"repository_cert_file":null,"repository_key_file":null,"repository_password":null,"repository_username":null,"reset_values":false,"reuse_values":false,"set":[{"name":"installCRDs","type":"","value":"true"}],"set_sensitive":[],"skip_crds":false,"status":"deployed","timeout":300,"values":null,"verify":false,"version":"v1.11.5","wait":true,"wait_for_jobs":false},"sensitive_values":{"metadata":[],"postrender":[],"repository_password":true,"set":[{}],"set_sensitive":[]}},{"address":"helm_release.flink-operator","mode":"managed","type":"helm_release","name":"flink-operator","provider_name":"registry.terraform.io/hashicorp/helm","schema_version":1,"values":{"atomic":false,"chart":"flink-kubernetes-operator","cleanup_on_fail":false,"create_namespace":true,"dependency_update":false,"description":null,"devel":null,"disable_crd_hooks":false,"disable_openapi_validation":false,"disable_webhooks":false,"force_update":false,"keyring":null,"lint":false,"max_history":0,"name":"flink-operator","namespace":"flink-operator","pass_credentials":false,"postrender":[],"recreate_pods":false,"render_subchart_notes":true,"replace":false,"repository":"https://downloads.apache.org/flink/flink-kubernetes-operator-1.5.0/","repository_ca_file":null,"repository_cert_file":null,"repository_key_file":null,"repository_password":null,"repository_username":null,"reset_values":false,"reuse_values":false,"set":[],"set_sensitive":[],"skip_crds":false,"status":"deployed","timeout":300,"values":null,"verify":false,"wait":true,"wait_for_jobs":false},"sensitive_values":{"metadata":[],"postrender":[],"repository_password":true,"set":[],"set_sensitive":[]}},{"address":"helm_release.ingress_nginx","mode":"managed","type":"helm_release","name":"ingress_nginx","provider_name":"registry.terraform.io/hashicorp/helm","schema_version":1,"values":{"atomic":false,"chart":"ingress-nginx","cleanup_on_fail":false,"create_namespace":true,"dependency_update":false,"description":null,"devel":null,"disable_crd_hooks":false,"disable_openapi_validation":false,"disable_webhooks":false,"force_update":false,"keyring":null,"lint":false,"max_history":0,"name":"ingress-nginx","namespace":"ingress-nginx","pass_credentials":false,"postrender":[],"recreate_pods":false,"render_subchart_notes":true,"replace":false,"repository":"https://kubernetes.github.io/ingress-nginx","repository_ca_file":null,"repository_cert_file":null,"repository_key_file":null,"repository_password":null,"repository_username":null,"reset_values":false,"reuse_values":false,"set":[],"set_sensitive":[],"skip_crds":false,"status":"deployed","timeout":300,"values":["controller:\n  updateStrategy:\n    type: \"RollingUpdate\"\n    rollingUpdate:\n      maxUnavailable: 1\n  hostPort:\n    enabled: true\n  terminationGracePeriodSeconds: 0\n  service:\n    type: \"NodePort\"\n  watchIngressWithoutClass: true\n  nodeSelector:\n    ingress-ready: \"true\"\n  tolerations:\n    - key: \"node-role.kubernetes.io/control-plane\"\n      operator: \"Equal\"\n      effect: \"NoSchedule\"\n    - key: \"node-role.kubernetes.io/master\"\n      operator: \"Equal\"\n      effect: \"NoSchedule\"\n  publishService:\n    enabled: false\n  extraArgs:\n    publish-status-address: \"localhost\"\n"],"verify":false,"version":"4.14.1","wait":true,"wait_for_jobs":false},"sensitive_values":{"metadata":[],"postrender":[],"repository_password":true,"set":[],"set_sensitive":[],"values":[false]}},{"address":"kind_cluster.k8s","mode":"managed","type":"kind_cluster","name":"k8s","provider_name":"registry.terraform.io/tehcyx/kind","schema_version":0,"values":{"kind_config":[{"api_version":"kind.x-k8s.io/v1alpha4","containerd_config_patches":null,"feature_gates":null,"kind":"Cluster","networking":[],"node":[{"extra_mounts":[],"extra_port_mappings":[{"container_port":80,"host_port":80,"listen_address":null,"protocol":null},{"container_port":443,"host_port":443,"listen_address":null,"protocol":null}],"image":null,"kubeadm_config_patches":["kind: InitConfiguration\nnodeRegistration:\n  kubeletExtraArgs:\n    node-labels: \"ingress-ready=true\"\n"],"labels":null,"role":"control-plane"},{"extra_mounts":[],"extra_port_mappings":[],"image":null,"kubeadm_config_patches":null,"labels":null,"role":"worker"},{"extra_mounts":[],"extra_port_mappings":[],"image":null,"kubeadm_config_patches":null,"labels":null,"role":"worker"}],"runtime_config":null}],"name":"dev","timeouts":null,"wait_for_ready":true},"sensitive_values":{"kind_config":[{"networking":[],"node":[{"extra_mounts":[],"extra_port_mappings":[{},{}],"kubeadm_config_patches":[false]},{"extra_mounts":[],"extra_port_mappings":[]},{"extra_mounts":[],"extra_port_mappings":[]}]}]}},{"address":"null_resource.wait_for_ingress_nginx","mode":"managed","type":"null_resource","name":"wait_for_ingress_nginx","provider_name":"registry.terraform.io/hashicorp/null","schema_version":0,"values":{"triggers":{}},"sensitive_values":{"triggers":{}}}],"child_modules":[{"resources":[{"address":"module.deploy.kafka-connect_connector.fleet_mgmt_sensors","mode":"managed","type":"kafka-connect_connector","name":"fleet_mgmt_sensors","provider_name":"registry.terraform.io/mongey/kafka-connect","schema_version":0,"values":{"config":{"connector.class":"io.confluent.kafka.connect.datagen.DatagenConnector","kafka.topic":"fleet_mgmt_sensors","key.converter":"org.apache.kafka.connect.storage.StringConverter","max.interval":"50","name":"fleet_mgmt","quickstart":"fleet_mgmt_sensors","tasks.max":"1","value.converter":"io.confluent.connect.avro.AvroConverter","value.converter.schema.registry.url":"http://schema-registry-conf:8081"},"config_sensitive":null,"name":"fleet_mgmt"},"sensitive_values":{"config":{},"config_sensitive":true}},{"address":"module.deploy.kafka-connect_connector.orders","mode":"managed","type":"kafka-connect_connector","name":"orders","provider_name":"registry.terraform.io/mongey/kafka-connect","schema_version":0,"values":{"config":{"connector.class":"io.confluent.kafka.connect.datagen.DatagenConnector","kafka.topic":"orders","key.converter":"org.apache.kafka.connect.storage.StringConverter","max.interval":"30000","name":"orders","quickstart":"orders","tasks.max":"1","value.converter":"org.apache.kafka.connect.json.JsonConverter"},"config_sensitive":null,"name":"orders"},"sensitive_values":{"config":{},"config_sensitive":true}}],"address":"module.deploy"}]}},"resource_changes":[{"address":"helm_release.cert-manager","mode":"managed","type":"helm_release","name":"cert-manager","provider_name":"registry.terraform.io/hashicorp/helm","change":{"actions":["create"],"before":null,"after":{"atomic":false,"chart":"cert-manager","cleanup_on_fail":false,"create_namespace":true,"dependency_update":false,"description":null,"devel":null,"disable_crd_hooks":false,"disable_openapi_validation":false,"disable_webhooks":false,"force_update":false,"keyring":null,"lint":false,"max_history":0,"name":"cert-manager","namespace":"cert-manager","pass_credentials":false,"postrender":[],"recreate_pods":false,"render_subchart_notes":true,"replace":false,"repository":"https://charts.jetstack.io","repository_ca_file":null,"repository_cert_file":null,"repository_key_file":null,"repository_password":null,"repository_username":null,"reset_values":false,"reuse_values":false,"set":[{"name":"installCRDs","type":"","value":"true"}],"set_sensitive":[],"skip_crds":false,"status":"deployed","timeout":300,"values":null,"verify":false,"version":"v1.11.5","wait":true,"wait_for_jobs":false},"after_unknown":{"id":true,"manifest":true,"metadata":true,"postrender":[],"set":[{}],"set_sensitive":[]},"before_sensitive":false,"after_sensitive":{"metadata":[],"postrender":[],"repository_password":true,"set":[{}],"set_sensitive":[]}}},{"address":"helm_release.flink-operator","mode":"managed","type":"helm_release","name":"flink-operator","provider_name":"registry.terraform.io/hashicorp/helm","change":{"actions":["create"],"before":null,"after":{"atomic":false,"chart":"flink-kubernetes-operator","cleanup_on_fail":false,"create_namespace":true,"dependency_update":false,"description":null,"devel":null,"disable_crd_hooks":false,"disable_openapi_validation":false,"disable_webhooks":false,"force_update":false,"keyring":null,"lint":false,"max_history":0,"name":"flink-operator","namespace":"flink-operator","pass_credentials":false,"postrender":[],"recreate_pods":false,"render_subchart_notes":true,"replace":false,"repository":"https://downloads.apache.org/flink/flink-kubernetes-operator-1.5.0/","repository_ca_file":null,"repository_cert_file":null,"repository_key_file":null,"repository_password":null,"repository_username":null,"reset_values":false,"reuse_values":false,"set":[],"set_sensitive":[],"skip_crds":false,"status":"deployed","timeout":300,"values":null,"verify":false,"wait":true,"wait_for_jobs":false},"after_unknown":{"id":true,"manifest":true,"metadata":true,"postrender":[],"set":[],"set_sensitive":[],"version":true},"before_sensitive":false,"after_sensitive":{"metadata":[],"postrender":[],"repository_password":true,"set":[],"set_sensitive":[]}}},{"address":"helm_release.ingress_nginx","mode":"managed","type":"helm_release","name":"ingress_nginx","provider_name":"registry.terraform.io/hashicorp/helm","change":{"actions":["create"],"before":null,"after":{"atomic":false,"chart":"ingress-nginx","cleanup_on_fail":false,"create_namespace":true,"dependency_update":false,"description":null,"devel":null,"disable_crd_hooks":false,"disable_openapi_validation":false,"disable_webhooks":false,"force_update":false,"keyring":null,"lint":false,"max_history":0,"name":"ingress-nginx","namespace":"ingress-nginx","pass_credentials":false,"postrender":[],"recreate_pods":false,"render_subchart_notes":true,"replace":false,"repository":"https://kubernetes.github.io/ingress-nginx","repository_ca_file":null,"repository_cert_file":null,"repository_key_file":null,"repository_password":null,"repository_username":null,"reset_values":false,"reuse_values":false,"set":[],"set_sensitive":[],"skip_crds":false,"status":"deployed","timeout":300,"values":["controller:\n  updateStrategy:\n    type: \"RollingUpdate\"\n    rollingUpdate:\n      maxUnavailable: 1\n  hostPort:\n    enabled: true\n  terminationGracePeriodSeconds: 0\n  service:\n    type: \"NodePort\"\n  watchIngressWithoutClass: true\n  nodeSelector:\n    ingress-ready: \"true\"\n  tolerations:\n    - key: \"node-role.kubernetes.io/control-plane\"\n      operator: \"Equal\"\n      effect: \"NoSchedule\"\n    - key: \"node-role.kubernetes.io/master\"\n      operator: \"Equal\"\n      effect: \"NoSchedule\"\n  publishService:\n    enabled: false\n  extraArgs:\n    publish-status-address: \"localhost\"\n"],"verify":false,"version":"4.14.1","wait":true,"wait_for_jobs":false},"after_unknown":{"id":true,"manifest":true,"metadata":true,"postrender":[],"set":[],"set_sensitive":[],"values":[false]},"before_sensitive":false,"after_sensitive":{"metadata":[],"postrender":[],"repository_password":true,"set":[],"set_sensitive":[],"values":[false]}}},{"address":"kind_cluster.k8s","mode":"managed","type":"kind_cluster","name":"k8s","provider_name":"registry.terraform.io/tehcyx/kind","change":{"actions":["create"],"before":null,"after":{"kind_config":[{"api_version":"kind.x-k8s.io/v1alpha4","containerd_config_patches":null,"feature_gates":null,"kind":"Cluster","networking":[],"node":[{"extra_mounts":[],"extra_port_mappings":[{"container_port":80,"host_port":80,"listen_address":null,"protocol":null},{"container_port":443,"host_port":443,"listen_address":null,"protocol":null}],"image":null,"kubeadm_config_patches":["kind: InitConfiguration\nnodeRegistration:\n  kubeletExtraArgs:\n    node-labels: \"ingress-ready=true\"\n"],"labels":null,"role":"control-plane"},{"extra_mounts":[],"extra_port_mappings":[],"image":null,"kubeadm_config_patches":null,"labels":null,"role":"worker"},{"extra_mounts":[],"extra_port_mappings":[],"image":null,"kubeadm_config_patches":null,"labels":null,"role":"worker"}],"runtime_config":null}],"name":"dev","timeouts":null,"wait_for_ready":true},"after_unknown":{"client_certificate":true,"client_key":true,"cluster_ca_certificate":true,"completed":true,"endpoint":true,"id":true,"kind_config":[{"networking":[],"node":[{"extra_mounts":[],"extra_port_mappings":[{},{}],"kubeadm_config_patches":[false]},{"extra_mounts":[],"extra_port_mappings":[]},{"extra_mounts":[],"extra_port_mappings":[]}]}],"kubeconfig":true,"kubeconfig_path":true,"node_image":true},"before_sensitive":false,"after_sensitive":{"kind_config":[{"networking":[],"node":[{"extra_mounts":[],"extra_port_mappings":[{},{}],"kubeadm_config_patches":[false]},{"extra_mounts":[],"extra_port_mappings":[]},{"extra_mounts":[],"extra_port_mappings":[]}]}]}}},{"address":"null_resource.wait_for_ingress_nginx","mode":"managed","type":"null_resource","name":"wait_for_ingress_nginx","provider_name":"registry.terraform.io/hashicorp/null","change":{"actions":["create"],"before":null,"after":{"triggers":{}},"after_unknown":{"id":true,"triggers":{"key":true}},"before_sensitive":false,"after_sensitive":{"triggers":{}}}},{"address":"module.deploy.kafka-connect_connector.fleet_mgmt_sensors","module_address":"module.deploy","mode":"managed","type":"kafka-connect_connector","name":"fleet_mgmt_sensors","provider_name":"registry.terraform.io/mongey/kafka-connect","change":{"actions":["create"],"before":null,"after":{"config":{"connector.class":"io.confluent.kafka.connect.datagen.DatagenConnector","kafka.topic":"fleet_mgmt_sensors","key.converter":"org.apache.kafka.connect.storage.StringConverter","max.interval":"50","name":"fleet_mgmt","quickstart":"fleet_mgmt_sensors","tasks.max":"1","value.converter":"io.confluent.connect.avro.AvroConverter","value.converter.schema.registry.url":"http://schema-registry-conf:8081"},"config_sensitive":null,"name":"fleet_mgmt"},"after_unknown":{"config":{},"id":true},"before_sensitive":false,"after_sensitive":{"config":{},"config_sensitive":true}}},{"address":"module.deploy.kafka-connect_connector.orders","module_address":"module.deploy","mode":"managed","type":"kafka-connect_connector","name":"orders","provider_name":"registry.terraform.io/mongey/kafka-connect","change":{"actions":["create"],"before":null,"after":{"config":{"connector.class":"io.confluent.kafka.connect.datagen.DatagenConnector","kafka.topic":"orders","key.converter":"org.apache.kafka.connect.storage.StringConverter","max.interval":"30000","name":"orders","quickstart":"orders","tasks.max":"1","value.converter":"org.apache.kafka.connect.json.JsonConverter"},"config_sensitive":null,"name":"orders"},"after_unknown":{"config":{},"id":true},"before_sensitive":false,"after_sensitive":{"config":{},"config_sensitive":true}}}],"configuration":{"provider_config":{"aws":{"name":"aws","full_name":"registry.terraform.io/hashicorp/aws","expressions":{"access_key":{"constant_value":"mock"},"endpoints":[{"apigateway":{"constant_value":"http://localhost:4566"},"apigatewayv2":{"constant_value":"http://localhost:4566"},"cloudwatch":{"constant_value":"http://localhost:4566"},"cloudwatchevents":{"constant_value":"http://localhost:4566"},"dynamodb":{"constant_value":"http://localhost:4566"},"ec2":{"constant_value":"http://localhost:4566"},"ecr":{"constant_value":"http://localhost:4566"},"ecrpublic":{"constant_value":"http://localhost:4566"},"ecs":{"constant_value":"http://localhost:4566"},"efs":{"constant_value":"http://localhost:4566"},"iam":{"constant_value":"http://localhost:4566"},"kinesis":{"constant_value":"http://localhost:4566"},"kms":{"constant_value":"http://localhost:4566"},"lambda":{"constant_value":"http://localhost:4566"},"logs":{"constant_value":"http://localhost:4566"},"route53":{"constant_value":"http://localhost:4566"},"s3":{"constant_value":"http://localhost:4566"},"s3control":{"constant_value":"http://localhost:4566"},"secretsmanager":{"constant_value":"http://localhost:4566"},"sns":{"constant_value":"http://localhost:4566"},"sqs":{"constant_value":"http://localhost:4566"},"ssm":{"constant_value":"http://localhost:4566"},"sts":{"constant_value":"http://localhost:4566"}}],"region":{"constant_value":"us-east-1"},"s3_use_path_style":{"constant_value":true},"secret_key":{"constant_value":"mock"},"skip_credentials_validation":{"constant_value":true},"skip_metadata_api_check":{"constant_value":true},"skip_region_validation":{"constant_value":true},"skip_requesting_account_id":{"constant_value":true}}},"helm":{"name":"helm","full_name":"registry.terraform.io/hashicorp/helm","version_constraint":"2.9.0","expressions":{"kubernetes":[{"config_path":{"constant_value":"~/.kube/config"}}]}},"kafka-connect":{"name":"kafka-connect","full_name":"registry.terraform.io/mongey/kafka-connect","version_constraint":"~\u003e 0.2.3"},"kind":{"name":"kind","full_name":"registry.terraform.io/tehcyx/kind","version_constraint":"0.1.0"},"module.deploy:kafka-connect":{"name":"kafka-connect","full_name":"registry.terraform.io/mongey/kafka-connect","version_constraint":"~\u003e 0.2.3","module_address":"module.deploy","expressions":{"url":{"constant_value":"http://localhost/connect"}}},"null":{"name":"null","full_name":"registry.terraform.io/hashicorp/null","version_constraint":"3.2.0"}},"root_module":{"resources":[{"address":"helm_release.cert-manager","mode":"managed","type":"helm_release","name":"cert-manager","provider_config_key":"helm","expressions":{"chart":{"constant_value":"cert-manager"},"create_namespace":{"constant_value":true},"name":{"constant_value":"cert-manager"},"namespace":{"constant_value":"cert-manager"},"repository":{"constant_value":"https://charts.jetstack.io"},"set":[{"name":{"constant_value":"installCRDs"},"value":{"constant_value":true}}],"version":{"constant_value":"1.11"}},"schema_version":1,"depends_on":["kind_cluster.k8s"]},{"address":"helm_release.flink-operator","mode":"managed","type":"helm_release","name":"flink-operator","provider_config_key":"helm","expressions":{"chart":{"constant_value":"flink-kubernetes-operator"},"create_namespace":{"constant_value":true},"name":{"constant_value":"flink-operator"},"namespace":{"constant_value":"flink-operator"},"repository":{"constant_value":"https://downloads.apache.org/flink/flink-kubernetes-operator-1.5.0/"}},"schema_version":1,"depends_on":["helm_release.cert-manager"]},{"address":"helm_release.ingress_nginx","mode":"managed","type":"helm_release","name":"ingress_nginx","provider_config_key":"helm","expressions":{"chart":{"constant_value":"ingress-nginx"},"create_namespace":{"constant_value":true},"name":{"constant_value":"ingress-nginx"},"namespace":{"constant_value":"ingress-nginx"},"repository":{"constant_value":"https://kubernetes.github.io/ingress-nginx"},"values":{}},"schema_version":1,"depends_on":["kind_cluster.k8s"]},{"address":"kind_cluster.k8s","mode":"managed","type":"kind_cluster","name":"k8s","provider_config_key":"kind","expressions":{"kind_config":[{"api_version":{"constant_value":"kind.x-k8s.io/v1alpha4"},"kind":{"constant_value":"Cluster"},"node":[{"extra_port_mappings":[{"container_port":{"constant_value":80},"host_port":{"constant_value":80}},{"container_port":{"constant_value":443},"host_port":{"constant_value":443}}],"kubeadm_config_patches":{"constant_value":["kind: InitConfiguration\nnodeRegistration:\n  kubeletExtraArgs:\n    node-labels: \"ingress-ready=true\"\n"]},"role":{"constant_value":"control-plane"}},{"role":{"constant_value":"worker"}},{"role":{"constant_value":"worker"}}]}],"name":{"constant_value":"dev"},"wait_for_ready":{"constant_value":true}},"schema_version":0},{"address":"null_resource.wait_for_ingress_nginx","mode":"managed","type":"null_resource","name":"wait_for_ingress_nginx","provider_config_key":"null","provisioners":[{"type":"local-exec","expressions":{"command":{"references":["helm_release.ingress_nginx.namespace","helm_release.ingress_nginx"]},"environment":{}}}],"expressions":{"triggers":{}},"schema_version":0,"depends_on":["helm_release.ingress_nginx"]}],"module_calls":{"deploy":{"source":"./deploy","module":{"resources":[{"address":"kafka-connect_connector.fleet_mgmt_sensors","mode":"managed","type":"kafka-connect_connector","name":"fleet_mgmt_sensors","provider_config_key":"module.deploy:kafka-connect","expressions":{"config":{"constant_value":{"connector.class":"io.confluent.kafka.connect.datagen.DatagenConnector","kafka.topic":"fleet_mgmt_sensors","key.converter":"org.apache.kafka.connect.storage.StringConverter","max.interval":50,"name":"fleet_mgmt","quickstart":"fleet_mgmt_sensors","tasks.max":1,"value.converter":"io.confluent.connect.avro.AvroConverter","value.converter.schema.registry.url":"http://schema-registry-conf:8081"}},"name":{"constant_value":"fleet_mgmt"}},"schema_version":0},{"address":"kafka-connect_connector.orders","mode":"managed","type":"kafka-connect_connector","name":"orders","provider_config_key":"module.deploy:kafka-connect","expressions":{"config":{"constant_value":{"connector.class":"io.confluent.kafka.connect.datagen.DatagenConnector","kafka.topic":"orders","key.converter":"org.apache.kafka.connect.storage.StringConverter","max.interval":30000,"name":"orders","quickstart":"orders","tasks.max":1,"value.converter":"org.apache.kafka.connect.json.JsonConverter"}},"name":{"constant_value":"orders"}},"schema_version":0}]}}}}},"timestamp":"2026-01-25T13:26:33Z","applyable":true,"complete":true,"errored":false}
