data.aws_availability_zones.available: Reading...
data.aws_iam_policy_document.ecs_task_assume: Reading...
data.aws_caller_identity.current: Reading...
data.aws_iam_policy_document.ecs_task_assume: Read complete after 0s [id=1077804475]
data.aws_caller_identity.current: Read complete after 0s [id=000000000000]
data.aws_availability_zones.available: Read complete after 0s [id=ap-south-1]

Terraform used the selected providers to generate the following execution
plan. Resource actions are indicated with the following symbols:
  + create

Terraform will perform the following actions:

  # aws_cloudwatch_log_group.ecs will be created
  + resource "aws_cloudwatch_log_group" "ecs" {
      + arn               = (known after apply)
      + id                = (known after apply)
      + log_group_class   = (known after apply)
      + name              = "/ecs/nodeapp-dev"
      + name_prefix       = (known after apply)
      + retention_in_days = 14
      + skip_destroy      = false
      + tags_all          = {
          + "Environment" = "dev"
          + "ManagedBy"   = "terraform"
          + "Project"     = "nodeapp"
        }
    }

  # aws_ecr_lifecycle_policy.nodeapp will be created
  + resource "aws_ecr_lifecycle_policy" "nodeapp" {
      + id          = (known after apply)
      + policy      = jsonencode(
            {
              + rules = [
                  + {
                      + action       = {
                          + type = "expire"
                        }
                      + description  = "Expire untagged images older than 14 days"
                      + rulePriority = 1
                      + selection    = {
                          + countNumber = 14
                          + countType   = "sinceImagePushed"
                          + countUnit   = "days"
                          + tagStatus   = "untagged"
                        }
                    },
                  + {
                      + action       = {
                          + type = "expire"
                        }
                      + description  = "Keep last 30 tagged images"
                      + rulePriority = 2
                      + selection    = {
                          + countNumber   = 30
                          + countType     = "imageCountMoreThan"
                          + tagPrefixList = [
                              + "",
                            ]
                          + tagStatus     = "tagged"
                        }
                    },
                ]
            }
        )
      + registry_id = (known after apply)
      + repository  = "nodeapp"
    }

  # aws_ecr_repository.nodeapp will be created
  + resource "aws_ecr_repository" "nodeapp" {
      + arn                  = (known after apply)
      + id                   = (known after apply)
      + image_tag_mutability = "MUTABLE"
      + name                 = "nodeapp"
      + registry_id          = (known after apply)
      + repository_url       = (known after apply)
      + tags_all             = {
          + "Environment" = "dev"
          + "ManagedBy"   = "terraform"
          + "Project"     = "nodeapp"
        }

      + encryption_configuration {
          + encryption_type = "AES256"
          + kms_key         = (known after apply)
        }

      + image_scanning_configuration {
          + scan_on_push = true
        }
    }

  # aws_ecs_cluster.this will be created
  + resource "aws_ecs_cluster" "this" {
      + arn      = (known after apply)
      + id       = (known after apply)
      + name     = "nodeapp-dev"
      + tags_all = {
          + "Environment" = "dev"
          + "ManagedBy"   = "terraform"
          + "Project"     = "nodeapp"
        }

      + setting {
          + name  = "containerInsights"
          + value = "enabled"
        }
    }

  # aws_ecs_service.this will be created
  + resource "aws_ecs_service" "this" {
      + availability_zone_rebalancing      = "DISABLED"
      + cluster                            = (known after apply)
      + deployment_maximum_percent         = 200
      + deployment_minimum_healthy_percent = 50
      + desired_count                      = 1
      + enable_ecs_managed_tags            = false
      + enable_execute_command             = false
      + iam_role                           = (known after apply)
      + id                                 = (known after apply)
      + launch_type                        = "FARGATE"
      + name                               = "nodeapp-dev"
      + platform_version                   = (known after apply)
      + scheduling_strategy                = "REPLICA"
      + tags_all                           = {
          + "Environment" = "dev"
          + "ManagedBy"   = "terraform"
          + "Project"     = "nodeapp"
        }
      + task_definition                    = (known after apply)
      + triggers                           = (known after apply)
      + wait_for_steady_state              = false

      + load_balancer {
          + container_name   = "nodeapp"
          + container_port   = 3000
          + target_group_arn = (known after apply)
            # (1 unchanged attribute hidden)
        }

      + network_configuration {
          + assign_public_ip = false
          + security_groups  = (known after apply)
          + subnets          = (known after apply)
        }
    }

  # aws_ecs_task_definition.this will be created
  + resource "aws_ecs_task_definition" "this" {
      + arn                      = (known after apply)
      + arn_without_revision     = (known after apply)
      + container_definitions    = (known after apply)
      + cpu                      = "256"
      + enable_fault_injection   = (known after apply)
      + execution_role_arn       = (known after apply)
      + family                   = "nodeapp-dev"
      + id                       = (known after apply)
      + memory                   = "512"
      + network_mode             = "awsvpc"
      + requires_compatibilities = [
          + "FARGATE",
        ]
      + revision                 = (known after apply)
      + skip_destroy             = false
      + tags_all                 = {
          + "Environment" = "dev"
          + "ManagedBy"   = "terraform"
          + "Project"     = "nodeapp"
        }
      + task_role_arn            = (known after apply)
      + track_latest             = false
    }

  # aws_iam_role.ecs_task will be created
  + resource "aws_iam_role" "ecs_task" {
      + arn                   = (known after apply)
      + assume_role_policy    = jsonencode(
            {
              + Statement = [
                  + {
                      + Action    = "sts:AssumeRole"
                      + Effect    = "Allow"
                      + Principal = {
                          + Service = "ecs-tasks.amazonaws.com"
                        }
                    },
                ]
              + Version   = "2012-10-17"
            }
        )
      + create_date           = (known after apply)
      + force_detach_policies = false
      + id                    = (known after apply)
      + managed_policy_arns   = (known after apply)
      + max_session_duration  = 3600
      + name                  = "nodeapp-dev-ecs-task"
      + name_prefix           = (known after apply)
      + path                  = "/"
      + tags_all              = {
          + "Environment" = "dev"
          + "ManagedBy"   = "terraform"
          + "Project"     = "nodeapp"
        }
      + unique_id             = (known after apply)

      + inline_policy (known after apply)
    }

  # aws_iam_role.ecs_task_execution will be created
  + resource "aws_iam_role" "ecs_task_execution" {
      + arn                   = (known after apply)
      + assume_role_policy    = jsonencode(
            {
              + Statement = [
                  + {
                      + Action    = "sts:AssumeRole"
                      + Effect    = "Allow"
                      + Principal = {
                          + Service = "ecs-tasks.amazonaws.com"
                        }
                    },
                ]
              + Version   = "2012-10-17"
            }
        )
      + create_date           = (known after apply)
      + force_detach_policies = false
      + id                    = (known after apply)
      + managed_policy_arns   = (known after apply)
      + max_session_duration  = 3600
      + name                  = "nodeapp-dev-ecs-exec"
      + name_prefix           = (known after apply)
      + path                  = "/"
      + tags_all              = {
          + "Environment" = "dev"
          + "ManagedBy"   = "terraform"
          + "Project"     = "nodeapp"
        }
      + unique_id             = (known after apply)

      + inline_policy (known after apply)
    }

  # aws_iam_role_policy_attachment.ecs_task_execution will be created
  + resource "aws_iam_role_policy_attachment" "ecs_task_execution" {
      + id         = (known after apply)
      + policy_arn = "arn:aws:iam::aws:policy/service-role/AmazonECSTaskExecutionRolePolicy"
      + role       = "nodeapp-dev-ecs-exec"
    }

  # aws_lb.this will be created
  + resource "aws_lb" "this" {
      + arn                                                          = (known after apply)
      + arn_suffix                                                   = (known after apply)
      + client_keep_alive                                            = 3600
      + desync_mitigation_mode                                       = "defensive"
      + dns_name                                                     = (known after apply)
      + drop_invalid_header_fields                                   = true
      + enable_deletion_protection                                   = false
      + enable_http2                                                 = true
      + enable_tls_version_and_cipher_suite_headers                  = false
      + enable_waf_fail_open                                         = false
      + enable_xff_client_port                                       = false
      + enable_zonal_shift                                           = false
      + enforce_security_group_inbound_rules_on_private_link_traffic = (known after apply)
      + id                                                           = (known after apply)
      + idle_timeout                                                 = 60
      + internal                                                     = false
      + ip_address_type                                              = (known after apply)
      + load_balancer_type                                           = "application"
      + name                                                         = "nodeapp-dev"
      + name_prefix                                                  = (known after apply)
      + preserve_host_header                                         = false
      + security_groups                                              = (known after apply)
      + subnets                                                      = (known after apply)
      + tags_all                                                     = {
          + "Environment" = "dev"
          + "ManagedBy"   = "terraform"
          + "Project"     = "nodeapp"
        }
      + vpc_id                                                       = (known after apply)
      + xff_header_processing_mode                                   = "append"
      + zone_id                                                      = (known after apply)

      + subnet_mapping (known after apply)
    }

  # aws_lb_listener.http will be created
  + resource "aws_lb_listener" "http" {
      + arn                                                                   = (known after apply)
      + id                                                                    = (known after apply)
      + load_balancer_arn                                                     = (known after apply)
      + port                                                                  = 80
      + protocol                                                              = "HTTP"
      + routing_http_request_x_amzn_mtls_clientcert_header_name               = (known after apply)
      + routing_http_request_x_amzn_mtls_clientcert_issuer_header_name        = (known after apply)
      + routing_http_request_x_amzn_mtls_clientcert_leaf_header_name          = (known after apply)
      + routing_http_request_x_amzn_mtls_clientcert_serial_number_header_name = (known after apply)
      + routing_http_request_x_amzn_mtls_clientcert_subject_header_name       = (known after apply)
      + routing_http_request_x_amzn_mtls_clientcert_validity_header_name      = (known after apply)
      + routing_http_request_x_amzn_tls_cipher_suite_header_name              = (known after apply)
      + routing_http_request_x_amzn_tls_version_header_name                   = (known after apply)
      + routing_http_response_access_control_allow_credentials_header_value   = (known after apply)
      + routing_http_response_access_control_allow_headers_header_value       = (known after apply)
      + routing_http_response_access_control_allow_methods_header_value       = (known after apply)
      + routing_http_response_access_control_allow_origin_header_value        = (known after apply)
      + routing_http_response_access_control_expose_headers_header_value      = (known after apply)
      + routing_http_response_access_control_max_age_header_value             = (known after apply)
      + routing_http_response_content_security_policy_header_value            = (known after apply)
      + routing_http_response_server_enabled                                  = (known after apply)
      + routing_http_response_strict_transport_security_header_value          = (known after apply)
      + routing_http_response_x_content_type_options_header_value             = (known after apply)
      + routing_http_response_x_frame_options_header_value                    = (known after apply)
      + ssl_policy                                                            = (known after apply)
      + tags_all                                                              = {
          + "Environment" = "dev"
          + "ManagedBy"   = "terraform"
          + "Project"     = "nodeapp"
        }
      + tcp_idle_timeout_seconds                                              = (known after apply)

      + default_action {
          + order            = (known after apply)
          + target_group_arn = (known after apply)
          + type             = "forward"
        }

      + mutual_authentication (known after apply)
    }

  # aws_lb_target_group.this will be created
  + resource "aws_lb_target_group" "this" {
      + arn                                = (known after apply)
      + arn_suffix                         = (known after apply)
      + connection_termination             = (known after apply)
      + deregistration_delay               = "300"
      + id                                 = (known after apply)
      + ip_address_type                    = (known after apply)
      + lambda_multi_value_headers_enabled = false
      + load_balancer_arns                 = (known after apply)
      + load_balancing_algorithm_type      = (known after apply)
      + load_balancing_anomaly_mitigation  = (known after apply)
      + load_balancing_cross_zone_enabled  = (known after apply)
      + name                               = "nodeapp-dev-tg"
      + name_prefix                        = (known after apply)
      + port                               = 3000
      + preserve_client_ip                 = (known after apply)
      + protocol                           = "HTTP"
      + protocol_version                   = (known after apply)
      + proxy_protocol_v2                  = false
      + slow_start                         = 0
      + tags_all                           = {
          + "Environment" = "dev"
          + "ManagedBy"   = "terraform"
          + "Project"     = "nodeapp"
        }
      + target_type                        = "ip"
      + vpc_id                             = (known after apply)

      + health_check {
          + enabled             = true
          + healthy_threshold   = 2
          + interval            = 30
          + matcher             = "200-399"
          + path                = "/"
          + port                = "traffic-port"
          + protocol            = "HTTP"
          + timeout             = 5
          + unhealthy_threshold = 3
        }

      + stickiness (known after apply)

      + target_failover (known after apply)

      + target_group_health (known after apply)

      + target_health_state (known after apply)
    }

  # aws_security_group.alb will be created
  + resource "aws_security_group" "alb" {
      + arn                    = (known after apply)
      + description            = "ALB security group"
      + egress                 = [
          + {
              + cidr_blocks      = [
                  + "0.0.0.0/0",
                ]
              + from_port        = 0
              + ipv6_cidr_blocks = []
              + prefix_list_ids  = []
              + protocol         = "-1"
              + security_groups  = []
              + self             = false
              + to_port          = 0
                # (1 unchanged attribute hidden)
            },
        ]
      + id                     = (known after apply)
      + ingress                = [
          + {
              + cidr_blocks      = [
                  + "0.0.0.0/0",
                ]
              + description      = "HTTP"
              + from_port        = 80
              + ipv6_cidr_blocks = []
              + prefix_list_ids  = []
              + protocol         = "tcp"
              + security_groups  = []
              + self             = false
              + to_port          = 80
            },
        ]
      + name                   = "nodeapp-dev-alb"
      + name_prefix            = (known after apply)
      + owner_id               = (known after apply)
      + revoke_rules_on_delete = false
      + tags_all               = {
          + "Environment" = "dev"
          + "ManagedBy"   = "terraform"
          + "Project"     = "nodeapp"
        }
      + vpc_id                 = (known after apply)
    }

  # aws_security_group.ecs_tasks will be created
  + resource "aws_security_group" "ecs_tasks" {
      + arn                    = (known after apply)
      + description            = "ECS tasks security group"
      + egress                 = [
          + {
              + cidr_blocks      = [
                  + "0.0.0.0/0",
                ]
              + from_port        = 0
              + ipv6_cidr_blocks = []
              + prefix_list_ids  = []
              + protocol         = "-1"
              + security_groups  = []
              + self             = false
              + to_port          = 0
                # (1 unchanged attribute hidden)
            },
        ]
      + id                     = (known after apply)
      + ingress                = [
          + {
              + cidr_blocks      = []
              + description      = "From ALB"
              + from_port        = 3000
              + ipv6_cidr_blocks = []
              + prefix_list_ids  = []
              + protocol         = "tcp"
              + security_groups  = (known after apply)
              + self             = false
              + to_port          = 3000
            },
        ]
      + name                   = "nodeapp-dev-ecs"
      + name_prefix            = (known after apply)
      + owner_id               = (known after apply)
      + revoke_rules_on_delete = false
      + tags_all               = {
          + "Environment" = "dev"
          + "ManagedBy"   = "terraform"
          + "Project"     = "nodeapp"
        }
      + vpc_id                 = (known after apply)
    }

  # module.vpc.aws_default_network_acl.this[0] will be created
  + resource "aws_default_network_acl" "this" {
      + arn                    = (known after apply)
      + default_network_acl_id = (known after apply)
      + id                     = (known after apply)
      + owner_id               = (known after apply)
      + tags                   = {
          + "Name" = "nodeapp-dev-default"
        }
      + tags_all               = {
          + "Environment" = "dev"
          + "ManagedBy"   = "terraform"
          + "Name"        = "nodeapp-dev-default"
          + "Project"     = "nodeapp"
        }
      + vpc_id                 = (known after apply)

      + egress {
          + action          = "allow"
          + from_port       = 0
          + ipv6_cidr_block = "::/0"
          + protocol        = "-1"
          + rule_no         = 101
          + to_port         = 0
            # (1 unchanged attribute hidden)
        }
      + egress {
          + action          = "allow"
          + cidr_block      = "0.0.0.0/0"
          + from_port       = 0
          + protocol        = "-1"
          + rule_no         = 100
          + to_port         = 0
            # (1 unchanged attribute hidden)
        }

      + ingress {
          + action          = "allow"
          + from_port       = 0
          + ipv6_cidr_block = "::/0"
          + protocol        = "-1"
          + rule_no         = 101
          + to_port         = 0
            # (1 unchanged attribute hidden)
        }
      + ingress {
          + action          = "allow"
          + cidr_block      = "0.0.0.0/0"
          + from_port       = 0
          + protocol        = "-1"
          + rule_no         = 100
          + to_port         = 0
            # (1 unchanged attribute hidden)
        }
    }

  # module.vpc.aws_default_route_table.default[0] will be created
  + resource "aws_default_route_table" "default" {
      + arn                    = (known after apply)
      + default_route_table_id = (known after apply)
      + id                     = (known after apply)
      + owner_id               = (known after apply)
      + route                  = (known after apply)
      + tags                   = {
          + "Name" = "nodeapp-dev-default"
        }
      + tags_all               = {
          + "Environment" = "dev"
          + "ManagedBy"   = "terraform"
          + "Name"        = "nodeapp-dev-default"
          + "Project"     = "nodeapp"
        }
      + vpc_id                 = (known after apply)

      + timeouts {
          + create = "5m"
          + update = "5m"
        }
    }

  # module.vpc.aws_default_security_group.this[0] will be created
  + resource "aws_default_security_group" "this" {
      + arn                    = (known after apply)
      + description            = (known after apply)
      + egress                 = (known after apply)
      + id                     = (known after apply)
      + ingress                = (known after apply)
      + name                   = (known after apply)
      + name_prefix            = (known after apply)
      + owner_id               = (known after apply)
      + revoke_rules_on_delete = false
      + tags                   = {
          + "Name" = "nodeapp-dev-default"
        }
      + tags_all               = {
          + "Environment" = "dev"
          + "ManagedBy"   = "terraform"
          + "Name"        = "nodeapp-dev-default"
          + "Project"     = "nodeapp"
        }
      + vpc_id                 = (known after apply)
    }

  # module.vpc.aws_eip.nat[0] will be created
  + resource "aws_eip" "nat" {
      + allocation_id        = (known after apply)
      + arn                  = (known after apply)
      + association_id       = (known after apply)
      + carrier_ip           = (known after apply)
      + customer_owned_ip    = (known after apply)
      + domain               = "vpc"
      + id                   = (known after apply)
      + instance             = (known after apply)
      + ipam_pool_id         = (known after apply)
      + network_border_group = (known after apply)
      + network_interface    = (known after apply)
      + private_dns          = (known after apply)
      + private_ip           = (known after apply)
      + ptr_record           = (known after apply)
      + public_dns           = (known after apply)
      + public_ip            = (known after apply)
      + public_ipv4_pool     = (known after apply)
      + tags                 = {
          + "Name" = "nodeapp-dev-ap-south-1a"
        }
      + tags_all             = {
          + "Environment" = "dev"
          + "ManagedBy"   = "terraform"
          + "Name"        = "nodeapp-dev-ap-south-1a"
          + "Project"     = "nodeapp"
        }
      + vpc                  = (known after apply)
    }

  # module.vpc.aws_internet_gateway.this[0] will be created
  + resource "aws_internet_gateway" "this" {
      + arn      = (known after apply)
      + id       = (known after apply)
      + owner_id = (known after apply)
      + tags     = {
          + "Name" = "nodeapp-dev"
        }
      + tags_all = {
          + "Environment" = "dev"
          + "ManagedBy"   = "terraform"
          + "Name"        = "nodeapp-dev"
          + "Project"     = "nodeapp"
        }
      + vpc_id   = (known after apply)
    }

  # module.vpc.aws_nat_gateway.this[0] will be created
  + resource "aws_nat_gateway" "this" {
      + allocation_id                      = (known after apply)
      + association_id                     = (known after apply)
      + connectivity_type                  = "public"
      + id                                 = (known after apply)
      + network_interface_id               = (known after apply)
      + private_ip                         = (known after apply)
      + public_ip                          = (known after apply)
      + secondary_private_ip_address_count = (known after apply)
      + secondary_private_ip_addresses     = (known after apply)
      + subnet_id                          = (known after apply)
      + tags                               = {
          + "Name" = "nodeapp-dev-ap-south-1a"
        }
      + tags_all                           = {
          + "Environment" = "dev"
          + "ManagedBy"   = "terraform"
          + "Name"        = "nodeapp-dev-ap-south-1a"
          + "Project"     = "nodeapp"
        }
    }

  # module.vpc.aws_route.private_nat_gateway[0] will be created
  + resource "aws_route" "private_nat_gateway" {
      + destination_cidr_block = "0.0.0.0/0"
      + id                     = (known after apply)
      + instance_id            = (known after apply)
      + instance_owner_id      = (known after apply)
      + nat_gateway_id         = (known after apply)
      + network_interface_id   = (known after apply)
      + origin                 = (known after apply)
      + route_table_id         = (known after apply)
      + state                  = (known after apply)

      + timeouts {
          + create = "5m"
        }
    }

  # module.vpc.aws_route.public_internet_gateway[0] will be created
  + resource "aws_route" "public_internet_gateway" {
      + destination_cidr_block = "0.0.0.0/0"
      + gateway_id             = (known after apply)
      + id                     = (known after apply)
      + instance_id            = (known after apply)
      + instance_owner_id      = (known after apply)
      + network_interface_id   = (known after apply)
      + origin                 = (known after apply)
      + route_table_id         = (known after apply)
      + state                  = (known after apply)

      + timeouts {
          + create = "5m"
        }
    }

  # module.vpc.aws_route_table.private[0] will be created
  + resource "aws_route_table" "private" {
      + arn              = (known after apply)
      + id               = (known after apply)
      + owner_id         = (known after apply)
      + propagating_vgws = (known after apply)
      + route            = (known after apply)
      + tags             = {
          + "Name" = "nodeapp-dev-private"
        }
      + tags_all         = {
          + "Environment" = "dev"
          + "ManagedBy"   = "terraform"
          + "Name"        = "nodeapp-dev-private"
          + "Project"     = "nodeapp"
        }
      + vpc_id           = (known after apply)
    }

  # module.vpc.aws_route_table.public[0] will be created
  + resource "aws_route_table" "public" {
      + arn              = (known after apply)
      + id               = (known after apply)
      + owner_id         = (known after apply)
      + propagating_vgws = (known after apply)
      + route            = (known after apply)
      + tags             = {
          + "Name" = "nodeapp-dev-public"
        }
      + tags_all         = {
          + "Environment" = "dev"
          + "ManagedBy"   = "terraform"
          + "Name"        = "nodeapp-dev-public"
          + "Project"     = "nodeapp"
        }
      + vpc_id           = (known after apply)
    }

  # module.vpc.aws_route_table_association.private[0] will be created
  + resource "aws_route_table_association" "private" {
      + id             = (known after apply)
      + route_table_id = (known after apply)
      + subnet_id      = (known after apply)
    }

  # module.vpc.aws_route_table_association.private[1] will be created
  + resource "aws_route_table_association" "private" {
      + id             = (known after apply)
      + route_table_id = (known after apply)
      + subnet_id      = (known after apply)
    }

  # module.vpc.aws_route_table_association.public[0] will be created
  + resource "aws_route_table_association" "public" {
      + id             = (known after apply)
      + route_table_id = (known after apply)
      + subnet_id      = (known after apply)
    }

  # module.vpc.aws_route_table_association.public[1] will be created
  + resource "aws_route_table_association" "public" {
      + id             = (known after apply)
      + route_table_id = (known after apply)
      + subnet_id      = (known after apply)
    }

  # module.vpc.aws_subnet.private[0] will be created
  + resource "aws_subnet" "private" {
      + arn                                            = (known after apply)
      + assign_ipv6_address_on_creation                = false
      + availability_zone                              = "ap-south-1a"
      + availability_zone_id                           = (known after apply)
      + cidr_block                                     = "10.0.10.0/24"
      + enable_dns64                                   = false
      + enable_resource_name_dns_a_record_on_launch    = false
      + enable_resource_name_dns_aaaa_record_on_launch = false
      + id                                             = (known after apply)
      + ipv6_cidr_block_association_id                 = (known after apply)
      + ipv6_native                                    = false
      + map_public_ip_on_launch                        = false
      + owner_id                                       = (known after apply)
      + private_dns_hostname_type_on_launch            = (known after apply)
      + tags                                           = {
          + "Name"                            = "nodeapp-dev-private-ap-south-1a"
          + "kubernetes.io/role/internal-elb" = "1"
        }
      + tags_all                                       = {
          + "Environment"                     = "dev"
          + "ManagedBy"                       = "terraform"
          + "Name"                            = "nodeapp-dev-private-ap-south-1a"
          + "Project"                         = "nodeapp"
          + "kubernetes.io/role/internal-elb" = "1"
        }
      + vpc_id                                         = (known after apply)
    }

  # module.vpc.aws_subnet.private[1] will be created
  + resource "aws_subnet" "private" {
      + arn                                            = (known after apply)
      + assign_ipv6_address_on_creation                = false
      + availability_zone                              = "ap-south-1b"
      + availability_zone_id                           = (known after apply)
      + cidr_block                                     = "10.0.11.0/24"
      + enable_dns64                                   = false
      + enable_resource_name_dns_a_record_on_launch    = false
      + enable_resource_name_dns_aaaa_record_on_launch = false
      + id                                             = (known after apply)
      + ipv6_cidr_block_association_id                 = (known after apply)
      + ipv6_native                                    = false
      + map_public_ip_on_launch                        = false
      + owner_id                                       = (known after apply)
      + private_dns_hostname_type_on_launch            = (known after apply)
      + tags                                           = {
          + "Name"                            = "nodeapp-dev-private-ap-south-1b"
          + "kubernetes.io/role/internal-elb" = "1"
        }
      + tags_all                                       = {
          + "Environment"                     = "dev"
          + "ManagedBy"                       = "terraform"
          + "Name"                            = "nodeapp-dev-private-ap-south-1b"
          + "Project"                         = "nodeapp"
          + "kubernetes.io/role/internal-elb" = "1"
        }
      + vpc_id                                         = (known after apply)
    }

  # module.vpc.aws_subnet.public[0] will be created
  + resource "aws_subnet" "public" {
      + arn                                            = (known after apply)
      + assign_ipv6_address_on_creation                = false
      + availability_zone                              = "ap-south-1a"
      + availability_zone_id                           = (known after apply)
      + cidr_block                                     = "10.0.0.0/24"
      + enable_dns64                                   = false
      + enable_resource_name_dns_a_record_on_launch    = false
      + enable_resource_name_dns_aaaa_record_on_launch = false
      + id                                             = (known after apply)
      + ipv6_cidr_block_association_id                 = (known after apply)
      + ipv6_native                                    = false
      + map_public_ip_on_launch                        = false
      + owner_id                                       = (known after apply)
      + private_dns_hostname_type_on_launch            = (known after apply)
      + tags                                           = {
          + "Name"                   = "nodeapp-dev-public-ap-south-1a"
          + "kubernetes.io/role/elb" = "1"
        }
      + tags_all                                       = {
          + "Environment"            = "dev"
          + "ManagedBy"              = "terraform"
          + "Name"                   = "nodeapp-dev-public-ap-south-1a"
          + "Project"                = "nodeapp"
          + "kubernetes.io/role/elb" = "1"
        }
      + vpc_id                                         = (known after apply)
    }

  # module.vpc.aws_subnet.public[1] will be created
  + resource "aws_subnet" "public" {
      + arn                                            = (known after apply)
      + assign_ipv6_address_on_creation                = false
      + availability_zone                              = "ap-south-1b"
      + availability_zone_id                           = (known after apply)
      + cidr_block                                     = "10.0.1.0/24"
      + enable_dns64                                   = false
      + enable_resource_name_dns_a_record_on_launch    = false
      + enable_resource_name_dns_aaaa_record_on_launch = false
      + id                                             = (known after apply)
      + ipv6_cidr_block_association_id                 = (known after apply)
      + ipv6_native                                    = false
      + map_public_ip_on_launch                        = false
      + owner_id                                       = (known after apply)
      + private_dns_hostname_type_on_launch            = (known after apply)
      + tags                                           = {
          + "Name"                   = "nodeapp-dev-public-ap-south-1b"
          + "kubernetes.io/role/elb" = "1"
        }
      + tags_all                                       = {
          + "Environment"            = "dev"
          + "ManagedBy"              = "terraform"
          + "Name"                   = "nodeapp-dev-public-ap-south-1b"
          + "Project"                = "nodeapp"
          + "kubernetes.io/role/elb" = "1"
        }
      + vpc_id                                         = (known after apply)
    }

  # module.vpc.aws_vpc.this[0] will be created
  + resource "aws_vpc" "this" {
      + arn                                  = (known after apply)
      + cidr_block                           = "10.0.0.0/16"
      + default_network_acl_id               = (known after apply)
      + default_route_table_id               = (known after apply)
      + default_security_group_id            = (known after apply)
      + dhcp_options_id                      = (known after apply)
      + enable_dns_hostnames                 = true
      + enable_dns_support                   = true
      + enable_network_address_usage_metrics = (known after apply)
      + id                                   = (known after apply)
      + instance_tenancy                     = "default"
      + ipv6_association_id                  = (known after apply)
      + ipv6_cidr_block                      = (known after apply)
      + ipv6_cidr_block_network_border_group = (known after apply)
      + main_route_table_id                  = (known after apply)
      + owner_id                             = (known after apply)
      + tags                                 = {
          + "Name" = "nodeapp-dev"
        }
      + tags_all                             = {
          + "Environment" = "dev"
          + "ManagedBy"   = "terraform"
          + "Name"        = "nodeapp-dev"
          + "Project"     = "nodeapp"
        }
    }

Plan: 33 to add, 0 to change, 0 to destroy.

Changes to Outputs:
  + alb_dns_name       = (known after apply)
  + ecr_repository_url = (known after apply)
  + ecs_cluster_name   = "nodeapp-dev"
  + ecs_service_name   = "nodeapp-dev"
aws_cloudwatch_log_group.ecs: Creating...
aws_iam_role.ecs_task: Creating...
aws_ecs_cluster.this: Creating...
module.vpc.aws_vpc.this[0]: Creating...
aws_ecr_repository.nodeapp: Creating...
aws_iam_role.ecs_task_execution: Creating...
aws_iam_role.ecs_task: Creation complete after 1s [id=nodeapp-dev-ecs-task]
aws_iam_role.ecs_task_execution: Creation complete after 1s [id=nodeapp-dev-ecs-exec]
aws_iam_role_policy_attachment.ecs_task_execution: Creating...
aws_iam_role_policy_attachment.ecs_task_execution: Creation complete after 0s [id=nodeapp-dev-ecs-exec-20260127043219581700000001]
aws_cloudwatch_log_group.ecs: Creation complete after 1s [id=/ecs/nodeapp-dev]
aws_ecr_repository.nodeapp: Creation complete after 3s [id=nodeapp]
aws_ecr_lifecycle_policy.nodeapp: Creating...
aws_ecs_task_definition.this: Creating...
aws_ecr_lifecycle_policy.nodeapp: Creation complete after 0s [id=nodeapp]
aws_ecs_task_definition.this: Creation complete after 0s [id=nodeapp-dev]
aws_ecs_cluster.this: Still creating... [00m10s elapsed]
module.vpc.aws_vpc.this[0]: Still creating... [00m10s elapsed]
module.vpc.aws_vpc.this[0]: Creation complete after 10s [id=vpc-89f2a0421c81e71b1]
module.vpc.aws_default_route_table.default[0]: Creating...
module.vpc.aws_route_table.public[0]: Creating...
module.vpc.aws_internet_gateway.this[0]: Creating...
module.vpc.aws_subnet.public[0]: Creating...
module.vpc.aws_subnet.private[1]: Creating...
module.vpc.aws_route_table.private[0]: Creating...
module.vpc.aws_default_security_group.this[0]: Creating...
module.vpc.aws_default_network_acl.this[0]: Creating...
aws_security_group.alb: Creating...
module.vpc.aws_default_route_table.default[0]: Creation complete after 0s [id=rtb-33c78c504a85532a4]
module.vpc.aws_subnet.public[0]: Creation complete after 0s [id=subnet-7364a9437e574082b]
module.vpc.aws_subnet.private[0]: Creating...
module.vpc.aws_subnet.private[1]: Creation complete after 0s [id=subnet-07ec6015eb57942dc]
aws_lb_target_group.this: Creating...
module.vpc.aws_subnet.public[1]: Creating...
module.vpc.aws_internet_gateway.this[0]: Creation complete after 0s [id=igw-b1790f62e810c2e50]
module.vpc.aws_eip.nat[0]: Creating...
module.vpc.aws_subnet.public[1]: Creation complete after 0s [id=subnet-01aefe4c4d8a73071]
module.vpc.aws_default_security_group.this[0]: Creation complete after 0s [id=sg-ff9329fa1e4329faa]
module.vpc.aws_subnet.private[0]: Creation complete after 0s [id=subnet-769fbf1e1dd8fbb64]
module.vpc.aws_eip.nat[0]: Creation complete after 0s [id=eipalloc-2413533cd034ab6bf]
module.vpc.aws_nat_gateway.this[0]: Creating...
module.vpc.aws_default_network_acl.this[0]: Creation complete after 0s [id=acl-ec4697c62cf0a4b75]
module.vpc.aws_route_table.public[0]: Creation complete after 0s [id=rtb-bd73b3e845e7e038d]
module.vpc.aws_route_table.private[0]: Creation complete after 0s [id=rtb-215892e717239b17c]
module.vpc.aws_route_table_association.public[1]: Creating...
module.vpc.aws_route_table_association.public[0]: Creating...
module.vpc.aws_route.public_internet_gateway[0]: Creating...
module.vpc.aws_route_table_association.private[0]: Creating...
module.vpc.aws_route_table_association.private[1]: Creating...
module.vpc.aws_route_table_association.public[0]: Creation complete after 0s [id=rtbassoc-49281ecac996450f8]
module.vpc.aws_nat_gateway.this[0]: Creation complete after 0s [id=nat-71db4e84e282abd8d]
module.vpc.aws_route.private_nat_gateway[0]: Creating...
module.vpc.aws_route_table_association.private[0]: Creation complete after 0s [id=rtbassoc-34762601e94e653e8]
module.vpc.aws_route_table_association.private[1]: Creation complete after 0s [id=rtbassoc-cd39ab068d2f5c90e]
module.vpc.aws_route_table_association.public[1]: Creation complete after 0s [id=rtbassoc-d903c492cfce4ac2a]
aws_ecs_cluster.this: Creation complete after 10s [id=arn:aws:ecs:ap-south-1:000000000000:cluster/nodeapp-dev]
aws_security_group.alb: Creation complete after 0s [id=sg-fc43627e6df497c08]
aws_security_group.ecs_tasks: Creating...
aws_lb.this: Creating...
module.vpc.aws_route.public_internet_gateway[0]: Creation complete after 0s [id=r-rtb-bd73b3e845e7e038d1080289494]
module.vpc.aws_route.private_nat_gateway[0]: Creation complete after 0s [id=r-rtb-215892e717239b17c1080289494]
aws_lb_target_group.this: Creation complete after 0s [id=arn:aws:elasticloadbalancing:ap-south-1:000000000000:targetgroup/nodeapp-dev-tg/7afc2dba8d403282]
aws_security_group.ecs_tasks: Creation complete after 0s [id=sg-554e60aa736d202cf]
aws_lb.this: Still creating... [00m10s elapsed]
aws_lb.this: Still creating... [00m20s elapsed]
aws_lb.this: Still creating... [00m30s elapsed]
aws_lb.this: Still creating... [00m40s elapsed]
aws_lb.this: Still creating... [00m50s elapsed]
aws_lb.this: Still creating... [01m00s elapsed]
aws_lb.this: Creation complete after 1m0s [id=arn:aws:elasticloadbalancing:ap-south-1:000000000000:loadbalancer/app/nodeapp-dev/0b8901842d523f1e]
aws_lb_listener.http: Creating...
aws_lb_listener.http: Creation complete after 0s [id=arn:aws:elasticloadbalancing:ap-south-1:000000000000:listener/app/nodeapp-dev/0b8901842d523f1e/bbf118fb2da86cf4]
aws_ecs_service.this: Creating...
aws_ecs_service.this: Still creating... [00m10s elapsed]
aws_ecs_service.this: Still creating... [00m20s elapsed]
aws_ecs_service.this: Creation complete after 22s [id=arn:aws:ecs:ap-south-1:000000000000:service/nodeapp-dev/nodeapp-dev]

Apply complete! Resources: 33 added, 0 changed, 0 destroyed.

Outputs:

alb_dns_name = "nodeapp-dev.elb.localhost.localstack.cloud"
ecr_repository_url = "000000000000.dkr.ecr.ap-south-1.localhost.localstack.cloud:4566/nodeapp"
ecs_cluster_name = "nodeapp-dev"
ecs_service_name = "nodeapp-dev"
