{"format_version":"1.2","terraform_version":"1.13.5","variables":{"allowed_cidr":{"value":"10.41.0.0/24"},"app_name":{"value":"ec2-squid-proxy"},"aws_region":{"value":"ap-northeast-1"},"instance_type":{"value":"t3.micro"},"key_pair_name":{"value":null},"squid_port":{"value":3128},"tags":{"value":{}}},"planned_values":{"outputs":{"ami_id":{"sensitive":false,"type":"string","value":"ami-04681a1dbd79675a5"},"instance_id":{"sensitive":false},"proxy_endpoint":{"sensitive":false},"public_dns":{"sensitive":false},"public_ip":{"sensitive":false}},"root_module":{"resources":[{"address":"aws_instance.squid","mode":"managed","type":"aws_instance","name":"squid","provider_name":"registry.terraform.io/hashicorp/aws","schema_version":2,"values":{"ami":"ami-04681a1dbd79675a5","associate_public_ip_address":true,"credit_specification":[],"force_destroy":false,"get_password_data":false,"hibernation":null,"instance_type":"t3.micro","launch_template":[],"region":"ap-northeast-1","source_dest_check":true,"subnet_id":"subnet-8929645059389141b","tags":{"Application":"ec2-squid-proxy","ManagedBy":"terraform","Name":"ec2-squid-proxy-squid"},"tags_all":{"Application":"ec2-squid-proxy","ManagedBy":"terraform","Name":"ec2-squid-proxy-squid"},"timeouts":null,"user_data":"#!/bin/bash\nset -euo pipefail\n\ntimedatectl set-timezone Asia/Tokyo || true\n\nyum update -y\nyum install -y squid\n\ncat \u003e /etc/squid/squid.conf \u003c\u003c'SQUIDCONF'\nacl localnet src 10.41.0.0/24\n\nacl SSL_ports port 443\nacl Safe_ports port 80\nacl Safe_ports port 443\nacl CONNECT method CONNECT\n\nhttp_access deny !Safe_ports\nhttp_access deny CONNECT !SSL_ports\n\nhttp_access allow localnet\nhttp_access allow localhost\nhttp_access deny all\n\nhttp_port 3128\n\ncoredump_dir /var/spool/squid\n\nrefresh_pattern ^ftp:           1440    20%     10080\nrefresh_pattern ^gopher:        1440    0%      1440\nrefresh_pattern -i (/cgi-bin/|\\\\?) 0     0%      0\nrefresh_pattern .               0       20%     4320\n\nvisible_hostname unknown\nSQUIDCONF\n\nsystemctl enable squid\nsystemctl restart squid\n","user_data_replace_on_change":false,"volume_tags":null},"sensitive_values":{"capacity_reservation_specification":[],"cpu_options":[],"credit_specification":[],"ebs_block_device":[],"enclave_options":[],"ephemeral_block_device":[],"instance_market_options":[],"ipv6_addresses":[],"launch_template":[],"maintenance_options":[],"metadata_options":[],"network_interface":[],"primary_network_interface":[],"private_dns_name_options":[],"root_block_device":[],"secondary_private_ips":[],"security_groups":[],"tags":{},"tags_all":{},"vpc_security_group_ids":[]},"identity_schema_version":0,"identity":{"account_id":null,"id":null,"region":null}},{"address":"aws_security_group.squid","mode":"managed","type":"aws_security_group","name":"squid","provider_name":"registry.terraform.io/hashicorp/aws","schema_version":1,"values":{"description":"Security group for Squid proxy","egress":[{"cidr_blocks":["0.0.0.0/0"],"description":"All outbound","from_port":0,"ipv6_cidr_blocks":[],"prefix_list_ids":[],"protocol":"-1","security_groups":[],"self":false,"to_port":0}],"ingress":[{"cidr_blocks":["10.41.0.0/24"],"description":"SSH","from_port":22,"ipv6_cidr_blocks":[],"prefix_list_ids":[],"protocol":"tcp","security_groups":[],"self":false,"to_port":22},{"cidr_blocks":["10.41.0.0/24"],"description":"Squid proxy","from_port":3128,"ipv6_cidr_blocks":[],"prefix_list_ids":[],"protocol":"tcp","security_groups":[],"self":false,"to_port":3128}],"name_prefix":"ec2-squid-proxy-sg-","region":"ap-northeast-1","revoke_rules_on_delete":false,"tags":{"Application":"ec2-squid-proxy","ManagedBy":"terraform"},"tags_all":{"Application":"ec2-squid-proxy","ManagedBy":"terraform"},"timeouts":null,"vpc_id":"vpc-27d8d5e5cd76b38a9"},"sensitive_values":{"egress":[{"cidr_blocks":[false],"ipv6_cidr_blocks":[],"prefix_list_ids":[],"security_groups":[]}],"ingress":[{"cidr_blocks":[false],"ipv6_cidr_blocks":[],"prefix_list_ids":[],"security_groups":[]},{"cidr_blocks":[false],"ipv6_cidr_blocks":[],"prefix_list_ids":[],"security_groups":[]}],"tags":{},"tags_all":{}},"identity_schema_version":0,"identity":{"account_id":null,"id":null,"region":null}}]}},"resource_changes":[{"address":"aws_instance.squid","mode":"managed","type":"aws_instance","name":"squid","provider_name":"registry.terraform.io/hashicorp/aws","change":{"actions":["create"],"before":null,"after":{"ami":"ami-04681a1dbd79675a5","associate_public_ip_address":true,"credit_specification":[],"force_destroy":false,"get_password_data":false,"hibernation":null,"instance_type":"t3.micro","launch_template":[],"region":"ap-northeast-1","source_dest_check":true,"subnet_id":"subnet-8929645059389141b","tags":{"Application":"ec2-squid-proxy","ManagedBy":"terraform","Name":"ec2-squid-proxy-squid"},"tags_all":{"Application":"ec2-squid-proxy","ManagedBy":"terraform","Name":"ec2-squid-proxy-squid"},"timeouts":null,"user_data":"#!/bin/bash\nset -euo pipefail\n\ntimedatectl set-timezone Asia/Tokyo || true\n\nyum update -y\nyum install -y squid\n\ncat \u003e /etc/squid/squid.conf \u003c\u003c'SQUIDCONF'\nacl localnet src 10.41.0.0/24\n\nacl SSL_ports port 443\nacl Safe_ports port 80\nacl Safe_ports port 443\nacl CONNECT method CONNECT\n\nhttp_access deny !Safe_ports\nhttp_access deny CONNECT !SSL_ports\n\nhttp_access allow localnet\nhttp_access allow localhost\nhttp_access deny all\n\nhttp_port 3128\n\ncoredump_dir /var/spool/squid\n\nrefresh_pattern ^ftp:           1440    20%     10080\nrefresh_pattern ^gopher:        1440    0%      1440\nrefresh_pattern -i (/cgi-bin/|\\\\?) 0     0%      0\nrefresh_pattern .               0       20%     4320\n\nvisible_hostname unknown\nSQUIDCONF\n\nsystemctl enable squid\nsystemctl restart squid\n","user_data_replace_on_change":false,"volume_tags":null},"after_unknown":{"arn":true,"availability_zone":true,"capacity_reservation_specification":true,"cpu_options":true,"credit_specification":[],"disable_api_stop":true,"disable_api_termination":true,"ebs_block_device":true,"ebs_optimized":true,"enable_primary_ipv6":true,"enclave_options":true,"ephemeral_block_device":true,"host_id":true,"host_resource_group_arn":true,"iam_instance_profile":true,"id":true,"instance_initiated_shutdown_behavior":true,"instance_lifecycle":true,"instance_market_options":true,"instance_state":true,"ipv6_address_count":true,"ipv6_addresses":true,"key_name":true,"launch_template":[],"maintenance_options":true,"metadata_options":true,"monitoring":true,"network_interface":true,"outpost_arn":true,"password_data":true,"placement_group":true,"placement_group_id":true,"placement_partition_number":true,"primary_network_interface":true,"primary_network_interface_id":true,"private_dns":true,"private_dns_name_options":true,"private_ip":true,"public_dns":true,"public_ip":true,"root_block_device":true,"secondary_private_ips":true,"security_groups":true,"spot_instance_request_id":true,"tags":{},"tags_all":{},"tenancy":true,"user_data_base64":true,"vpc_security_group_ids":true},"before_sensitive":false,"after_sensitive":{"capacity_reservation_specification":[],"cpu_options":[],"credit_specification":[],"ebs_block_device":[],"enclave_options":[],"ephemeral_block_device":[],"instance_market_options":[],"ipv6_addresses":[],"launch_template":[],"maintenance_options":[],"metadata_options":[],"network_interface":[],"primary_network_interface":[],"private_dns_name_options":[],"root_block_device":[],"secondary_private_ips":[],"security_groups":[],"tags":{},"tags_all":{},"vpc_security_group_ids":[]},"after_identity":{"account_id":null,"id":null,"region":null}}},{"address":"aws_security_group.squid","mode":"managed","type":"aws_security_group","name":"squid","provider_name":"registry.terraform.io/hashicorp/aws","change":{"actions":["create"],"before":null,"after":{"description":"Security group for Squid proxy","egress":[{"cidr_blocks":["0.0.0.0/0"],"description":"All outbound","from_port":0,"ipv6_cidr_blocks":[],"prefix_list_ids":[],"protocol":"-1","security_groups":[],"self":false,"to_port":0}],"ingress":[{"cidr_blocks":["10.41.0.0/24"],"description":"SSH","from_port":22,"ipv6_cidr_blocks":[],"prefix_list_ids":[],"protocol":"tcp","security_groups":[],"self":false,"to_port":22},{"cidr_blocks":["10.41.0.0/24"],"description":"Squid proxy","from_port":3128,"ipv6_cidr_blocks":[],"prefix_list_ids":[],"protocol":"tcp","security_groups":[],"self":false,"to_port":3128}],"name_prefix":"ec2-squid-proxy-sg-","region":"ap-northeast-1","revoke_rules_on_delete":false,"tags":{"Application":"ec2-squid-proxy","ManagedBy":"terraform"},"tags_all":{"Application":"ec2-squid-proxy","ManagedBy":"terraform"},"timeouts":null,"vpc_id":"vpc-27d8d5e5cd76b38a9"},"after_unknown":{"arn":true,"egress":[{"cidr_blocks":[false],"ipv6_cidr_blocks":[],"prefix_list_ids":[],"security_groups":[]}],"id":true,"ingress":[{"cidr_blocks":[false],"ipv6_cidr_blocks":[],"prefix_list_ids":[],"security_groups":[]},{"cidr_blocks":[false],"ipv6_cidr_blocks":[],"prefix_list_ids":[],"security_groups":[]}],"name":true,"owner_id":true,"tags":{},"tags_all":{}},"before_sensitive":false,"after_sensitive":{"egress":[{"cidr_blocks":[false],"ipv6_cidr_blocks":[],"prefix_list_ids":[],"security_groups":[]}],"ingress":[{"cidr_blocks":[false],"ipv6_cidr_blocks":[],"prefix_list_ids":[],"security_groups":[]},{"cidr_blocks":[false],"ipv6_cidr_blocks":[],"prefix_list_ids":[],"security_groups":[]}],"tags":{},"tags_all":{}},"after_identity":{"account_id":null,"id":null,"region":null}}}],"output_changes":{"ami_id":{"actions":["create"],"before":null,"after":"ami-04681a1dbd79675a5","after_unknown":false,"before_sensitive":false,"after_sensitive":false},"instance_id":{"actions":["create"],"before":null,"after_unknown":true,"before_sensitive":false,"after_sensitive":false},"proxy_endpoint":{"actions":["create"],"before":null,"after_unknown":true,"before_sensitive":false,"after_sensitive":false},"public_dns":{"actions":["create"],"before":null,"after_unknown":true,"before_sensitive":false,"after_sensitive":false},"public_ip":{"actions":["create"],"before":null,"after_unknown":true,"before_sensitive":false,"after_sensitive":false}},"prior_state":{"format_version":"1.0","terraform_version":"1.13.5","values":{"outputs":{"ami_id":{"sensitive":false,"value":"ami-04681a1dbd79675a5","type":"string"}},"root_module":{"resources":[{"address":"data.aws_ami.amazon_linux2","mode":"data","type":"aws_ami","name":"amazon_linux2","provider_name":"registry.terraform.io/hashicorp/aws","schema_version":0,"values":{"allow_unsafe_filter":null,"architecture":"x86_64","arn":"arn:aws:ec2:ap-northeast-1::image/ami-04681a1dbd79675a5","block_device_mappings":[{"device_name":"/dev/xvda","ebs":{"delete_on_termination":"false","encrypted":"false","iops":"0","snapshot_id":"snap-dbd4ab1dcdc658d61","throughput":"0","volume_initialization_rate":"0","volume_size":"15","volume_type":"standard"},"no_device":"","virtual_name":""}],"boot_mode":"uefi","creation_date":"2026-01-25T14:45:54.000Z","deprecation_time":"","description":"Amazon Linux 2 AMI 2.0.20180810 x86_64 HVM gp2","ena_support":false,"executable_users":null,"filter":[{"name":"name","values":["amzn2-ami-hvm-*-x86_64-gp2"]},{"name":"virtualization-type","values":["hvm"]}],"hypervisor":"xen","id":"ami-04681a1dbd79675a5","image_id":"ami-04681a1dbd79675a5","image_location":"amazon/amzn2-ami-hvm-2.0.20180810-x86_64-gp2","image_owner_alias":"amazon","image_type":"machine","imds_support":"","include_deprecated":false,"kernel_id":"","last_launched_time":"","most_recent":true,"name":"amzn2-ami-hvm-2.0.20180810-x86_64-gp2","name_regex":null,"owner_id":"137112412989","owners":["amazon"],"platform":"Linux/UNIX","platform_details":"","product_codes":[],"public":true,"ramdisk_id":"","region":"ap-northeast-1","root_device_name":"/dev/xvda","root_device_type":"ebs","root_snapshot_id":"snap-dbd4ab1dcdc658d61","sriov_net_support":"","state":"available","state_reason":{"code":"UNSET","message":"UNSET"},"tags":{},"timeouts":null,"tpm_support":"","uefi_data":null,"usage_operation":"","virtualization_type":"hvm"},"sensitive_values":{"block_device_mappings":[{"ebs":{}}],"filter":[{"values":[false]},{"values":[false]}],"owners":[false],"product_codes":[],"state_reason":{},"tags":{}}},{"address":"data.aws_subnets.default","mode":"data","type":"aws_subnets","name":"default","provider_name":"registry.terraform.io/hashicorp/aws","schema_version":0,"values":{"filter":[{"name":"vpc-id","values":["vpc-27d8d5e5cd76b38a9"]}],"id":"ap-northeast-1","ids":["subnet-8929645059389141b","subnet-fc1cab2d4a85d0731","subnet-98fe9e62e59bd4feb"],"region":"ap-northeast-1","tags":null,"timeouts":null},"sensitive_values":{"filter":[{"values":[false]}],"ids":[false,false,false]}},{"address":"data.aws_vpc.default","mode":"data","type":"aws_vpc","name":"default","provider_name":"registry.terraform.io/hashicorp/aws","schema_version":0,"values":{"arn":"arn:aws:ec2:ap-northeast-1:000000000000:vpc/vpc-27d8d5e5cd76b38a9","cidr_block":"172.31.0.0/16","cidr_block_associations":[{"association_id":"vpc-cidr-assoc-14487a0558e472ccd","cidr_block":"172.31.0.0/16","state":"associated"}],"default":true,"dhcp_options_id":"default","enable_dns_hostnames":true,"enable_dns_support":true,"enable_network_address_usage_metrics":false,"filter":null,"id":"vpc-27d8d5e5cd76b38a9","instance_tenancy":"default","ipv6_association_id":"","ipv6_cidr_block":"","main_route_table_id":"rtb-64eeaf60ab951269e","owner_id":"000000000000","region":"ap-northeast-1","state":null,"tags":{},"timeouts":null},"sensitive_values":{"cidr_block_associations":[{}],"tags":{}}}]}}},"configuration":{"provider_config":{"aws":{"name":"aws","full_name":"registry.terraform.io/hashicorp/aws","version_constraint":"\u003e= 5.0.0","expressions":{"region":{"references":["var.aws_region"]}}}},"root_module":{"outputs":{"ami_id":{"expression":{"references":["aws_instance.squid.ami","aws_instance.squid"]},"description":"AMI used for the Squid instance."},"instance_id":{"expression":{"references":["aws_instance.squid.id","aws_instance.squid"]},"description":"EC2 instance id."},"proxy_endpoint":{"expression":{"references":["aws_instance.squid.public_ip","aws_instance.squid","var.squid_port"]},"description":"Convenience endpoint for configuring clients."},"public_dns":{"expression":{"references":["aws_instance.squid.public_dns","aws_instance.squid"]},"description":"Public DNS name of the Squid instance."},"public_ip":{"expression":{"references":["aws_instance.squid.public_ip","aws_instance.squid"]},"description":"Public IP of the Squid instance."}},"resources":[{"address":"aws_instance.squid","mode":"managed","type":"aws_instance","name":"squid","provider_config_key":"aws","expressions":{"ami":{"references":["data.aws_ami.amazon_linux2.id","data.aws_ami.amazon_linux2"]},"associate_public_ip_address":{"constant_value":true},"instance_type":{"references":["var.instance_type"]},"key_name":{"references":["var.key_pair_name"]},"subnet_id":{"references":["data.aws_subnets.default.ids[0]","data.aws_subnets.default.ids","data.aws_subnets.default"]},"tags":{"references":["local.common_tags","var.app_name"]},"user_data":{"references":["var.allowed_cidr","var.squid_port"]},"vpc_security_group_ids":{"references":["aws_security_group.squid.id","aws_security_group.squid"]}},"schema_version":2},{"address":"aws_security_group.squid","mode":"managed","type":"aws_security_group","name":"squid","provider_config_key":"aws","expressions":{"description":{"constant_value":"Security group for Squid proxy"},"egress":{"constant_value":[{"cidr_blocks":["0.0.0.0/0"],"description":"All outbound","from_port":0,"ipv6_cidr_blocks":null,"prefix_list_ids":null,"protocol":"-1","security_groups":null,"self":null,"to_port":0}]},"ingress":{"references":["var.allowed_cidr","var.squid_port","var.squid_port","var.allowed_cidr"]},"name_prefix":{"references":["var.app_name"]},"tags":{"references":["local.common_tags"]},"vpc_id":{"references":["data.aws_vpc.default.id","data.aws_vpc.default"]}},"schema_version":1},{"address":"data.aws_ami.amazon_linux2","mode":"data","type":"aws_ami","name":"amazon_linux2","provider_config_key":"aws","expressions":{"filter":[{"name":{"constant_value":"name"},"values":{"constant_value":["amzn2-ami-hvm-*-x86_64-gp2"]}},{"name":{"constant_value":"virtualization-type"},"values":{"constant_value":["hvm"]}}],"most_recent":{"constant_value":true},"owners":{"constant_value":["amazon"]}},"schema_version":0},{"address":"data.aws_subnets.default","mode":"data","type":"aws_subnets","name":"default","provider_config_key":"aws","expressions":{"filter":[{"name":{"constant_value":"vpc-id"},"values":{"references":["data.aws_vpc.default.id","data.aws_vpc.default"]}}]},"schema_version":0},{"address":"data.aws_vpc.default","mode":"data","type":"aws_vpc","name":"default","provider_config_key":"aws","expressions":{"default":{"constant_value":true}},"schema_version":0}],"variables":{"allowed_cidr":{"description":"Client CIDR allowed to use the Squid proxy (port 3128). Example: 203.0.113.10/32"},"app_name":{"default":"ec2-squid-proxy","description":"Name prefix for resources."},"aws_region":{"default":"ap-northeast-1","description":"AWS region to deploy into."},"instance_type":{"default":"t3.micro","description":"EC2 instance type."},"key_pair_name":{"default":null,"description":"Optional existing EC2 key pair name for SSH access. If null, no key is attached."},"squid_port":{"default":3128,"description":"Squid listening port."},"tags":{"default":{},"description":"Additional tags to apply to resources."}}}},"relevant_attributes":[{"resource":"data.aws_vpc.default","attribute":["id"]},{"resource":"data.aws_ami.amazon_linux2","attribute":["id"]},{"resource":"aws_security_group.squid","attribute":["id"]},{"resource":"aws_instance.squid","attribute":["id"]},{"resource":"data.aws_subnets.default","attribute":["ids",0]},{"resource":"aws_instance.squid","attribute":["ami"]},{"resource":"aws_instance.squid","attribute":["public_dns"]},{"resource":"aws_instance.squid","attribute":["public_ip"]}],"timestamp":"2026-01-25T14:45:52Z","applyable":true,"complete":true,"errored":false}
