{
  "version": 4,
  "terraform_version": "1.13.5",
  "serial": 1,
  "lineage": "bcdcad8c-418d-712d-b18f-a61d3af4705f",
  "outputs": {},
  "resources": [
    {
      "mode": "managed",
      "type": "random_id",
      "name": "suffix",
      "provider": "provider[\"registry.terraform.io/hashicorp/random\"]",
      "instances": [
        {
          "schema_version": 0,
          "attributes": {
            "b64_std": "Xruaow==",
            "b64_url": "Xruaow",
            "byte_length": 4,
            "dec": "1589353123",
            "hex": "5ebb9aa3",
            "id": "Xruaow",
            "keepers": null,
            "prefix": null
          },
          "sensitive_attributes": [],
          "identity_schema_version": 0
        }
      ]
    }
  ],
  "check_results": null
}
