{
  "version": 4,
  "terraform_version": "1.13.5",
  "serial": 1,
  "lineage": "a438bf97-503b-22a0-4776-d1db7b80c084",
  "outputs": {},
  "resources": [
    {
      "mode": "managed",
      "type": "random_id",
      "name": "suffix",
      "provider": "provider[\"registry.terraform.io/hashicorp/random\"]",
      "instances": [
        {
          "schema_version": 0,
          "attributes": {
            "b64_std": "b6vdeQ==",
            "b64_url": "b6vdeQ",
            "byte_length": 4,
            "dec": "1873534329",
            "hex": "6fabdd79",
            "id": "b6vdeQ",
            "keepers": null,
            "prefix": null
          },
          "sensitive_attributes": [],
          "identity_schema_version": 0
        }
      ]
    }
  ],
  "check_results": null
}
