{"format_version":"1.2","terraform_version":"1.13.5","variables":{"app_name":{"value":"prefect-agent"},"aws_region":{"value":"us-east-1"},"s3_bucket_name":{"value":null}},"planned_values":{"outputs":{"s3_bucket_arn":{"sensitive":false},"s3_bucket_name":{"sensitive":false}},"root_module":{"resources":[{"address":"aws_s3_bucket.prefect_storage","mode":"managed","type":"aws_s3_bucket","name":"prefect_storage","provider_name":"registry.terraform.io/hashicorp/aws","schema_version":0,"values":{"force_destroy":true,"tags":{"Name":"prefect-agent-storage"},"tags_all":{"ManagedBy":"terraform","Name":"prefect-agent-storage","Project":"prefect-agent"},"timeouts":null},"sensitive_values":{"cors_rule":[],"grant":[],"lifecycle_rule":[],"logging":[],"object_lock_configuration":[],"replication_configuration":[],"server_side_encryption_configuration":[],"tags":{},"tags_all":{},"versioning":[],"website":[]}},{"address":"aws_s3_bucket_public_access_block.prefect_storage","mode":"managed","type":"aws_s3_bucket_public_access_block","name":"prefect_storage","provider_name":"registry.terraform.io/hashicorp/aws","schema_version":0,"values":{"block_public_acls":true,"block_public_policy":true,"ignore_public_acls":true,"restrict_public_buckets":true},"sensitive_values":{}},{"address":"aws_s3_bucket_server_side_encryption_configuration.prefect_storage","mode":"managed","type":"aws_s3_bucket_server_side_encryption_configuration","name":"prefect_storage","provider_name":"registry.terraform.io/hashicorp/aws","schema_version":0,"values":{"expected_bucket_owner":null,"rule":[{"apply_server_side_encryption_by_default":[{"kms_master_key_id":"","sse_algorithm":"AES256"}],"bucket_key_enabled":null}]},"sensitive_values":{"rule":[{"apply_server_side_encryption_by_default":[{}]}]}},{"address":"aws_s3_bucket_versioning.prefect_storage","mode":"managed","type":"aws_s3_bucket_versioning","name":"prefect_storage","provider_name":"registry.terraform.io/hashicorp/aws","schema_version":0,"values":{"expected_bucket_owner":null,"mfa":null,"versioning_configuration":[{"status":"Enabled"}]},"sensitive_values":{"versioning_configuration":[{}]}}]}},"resource_changes":[{"address":"aws_s3_bucket.prefect_storage","mode":"managed","type":"aws_s3_bucket","name":"prefect_storage","provider_name":"registry.terraform.io/hashicorp/aws","change":{"actions":["create"],"before":null,"after":{"force_destroy":true,"tags":{"Name":"prefect-agent-storage"},"tags_all":{"ManagedBy":"terraform","Name":"prefect-agent-storage","Project":"prefect-agent"},"timeouts":null},"after_unknown":{"acceleration_status":true,"acl":true,"arn":true,"bucket":true,"bucket_domain_name":true,"bucket_prefix":true,"bucket_regional_domain_name":true,"cors_rule":true,"grant":true,"hosted_zone_id":true,"id":true,"lifecycle_rule":true,"logging":true,"object_lock_configuration":true,"object_lock_enabled":true,"policy":true,"region":true,"replication_configuration":true,"request_payer":true,"server_side_encryption_configuration":true,"tags":{},"tags_all":{},"versioning":true,"website":true,"website_domain":true,"website_endpoint":true},"before_sensitive":false,"after_sensitive":{"cors_rule":[],"grant":[],"lifecycle_rule":[],"logging":[],"object_lock_configuration":[],"replication_configuration":[],"server_side_encryption_configuration":[],"tags":{},"tags_all":{},"versioning":[],"website":[]}}},{"address":"aws_s3_bucket_public_access_block.prefect_storage","mode":"managed","type":"aws_s3_bucket_public_access_block","name":"prefect_storage","provider_name":"registry.terraform.io/hashicorp/aws","change":{"actions":["create"],"before":null,"after":{"block_public_acls":true,"block_public_policy":true,"ignore_public_acls":true,"restrict_public_buckets":true},"after_unknown":{"bucket":true,"id":true},"before_sensitive":false,"after_sensitive":{}}},{"address":"aws_s3_bucket_server_side_encryption_configuration.prefect_storage","mode":"managed","type":"aws_s3_bucket_server_side_encryption_configuration","name":"prefect_storage","provider_name":"registry.terraform.io/hashicorp/aws","change":{"actions":["create"],"before":null,"after":{"expected_bucket_owner":null,"rule":[{"apply_server_side_encryption_by_default":[{"kms_master_key_id":"","sse_algorithm":"AES256"}],"bucket_key_enabled":null}]},"after_unknown":{"bucket":true,"id":true,"rule":[{"apply_server_side_encryption_by_default":[{}]}]},"before_sensitive":false,"after_sensitive":{"rule":[{"apply_server_side_encryption_by_default":[{}]}]}}},{"address":"aws_s3_bucket_versioning.prefect_storage","mode":"managed","type":"aws_s3_bucket_versioning","name":"prefect_storage","provider_name":"registry.terraform.io/hashicorp/aws","change":{"actions":["create"],"before":null,"after":{"expected_bucket_owner":null,"mfa":null,"versioning_configuration":[{"status":"Enabled"}]},"after_unknown":{"bucket":true,"id":true,"versioning_configuration":[{"mfa_delete":true}]},"before_sensitive":false,"after_sensitive":{"versioning_configuration":[{}]}}}],"output_changes":{"s3_bucket_arn":{"actions":["create"],"before":null,"after_unknown":true,"before_sensitive":false,"after_sensitive":false},"s3_bucket_name":{"actions":["create"],"before":null,"after_unknown":true,"before_sensitive":false,"after_sensitive":false}},"configuration":{"provider_config":{"aws":{"name":"aws","full_name":"registry.terraform.io/hashicorp/aws","version_constraint":"~\u003e 5.0","expressions":{"default_tags":[{"tags":{"references":["var.app_name"]}}],"region":{"references":["var.aws_region"]}}}},"root_module":{"outputs":{"s3_bucket_arn":{"expression":{"references":["aws_s3_bucket.prefect_storage.arn","aws_s3_bucket.prefect_storage"]},"description":"S3 bucket ARN"},"s3_bucket_name":{"expression":{"references":["aws_s3_bucket.prefect_storage.bucket","aws_s3_bucket.prefect_storage"]},"description":"S3 bucket name for Prefect flow storage/artifacts"}},"resources":[{"address":"aws_s3_bucket.prefect_storage","mode":"managed","type":"aws_s3_bucket","name":"prefect_storage","provider_config_key":"aws","expressions":{"bucket":{"references":["var.s3_bucket_name"]},"force_destroy":{"constant_value":true},"tags":{"references":["var.app_name"]}},"schema_version":0},{"address":"aws_s3_bucket_public_access_block.prefect_storage","mode":"managed","type":"aws_s3_bucket_public_access_block","name":"prefect_storage","provider_config_key":"aws","expressions":{"block_public_acls":{"constant_value":true},"block_public_policy":{"constant_value":true},"bucket":{"references":["aws_s3_bucket.prefect_storage.id","aws_s3_bucket.prefect_storage"]},"ignore_public_acls":{"constant_value":true},"restrict_public_buckets":{"constant_value":true}},"schema_version":0},{"address":"aws_s3_bucket_server_side_encryption_configuration.prefect_storage","mode":"managed","type":"aws_s3_bucket_server_side_encryption_configuration","name":"prefect_storage","provider_config_key":"aws","expressions":{"bucket":{"references":["aws_s3_bucket.prefect_storage.id","aws_s3_bucket.prefect_storage"]},"rule":[{"apply_server_side_encryption_by_default":[{"sse_algorithm":{"constant_value":"AES256"}}]}]},"schema_version":0},{"address":"aws_s3_bucket_versioning.prefect_storage","mode":"managed","type":"aws_s3_bucket_versioning","name":"prefect_storage","provider_config_key":"aws","expressions":{"bucket":{"references":["aws_s3_bucket.prefect_storage.id","aws_s3_bucket.prefect_storage"]},"versioning_configuration":[{"status":{"constant_value":"Enabled"}}]},"schema_version":0}],"variables":{"app_name":{"default":"prefect-agent","description":"Name prefix for created resources"},"aws_region":{"default":"us-east-1","description":"AWS region to deploy into"},"s3_bucket_name":{"default":null,"description":"Optional fixed name for the S3 bucket used for Prefect flow storage/artifacts. Leave null to auto-generate."}}}},"relevant_attributes":[{"resource":"aws_s3_bucket.prefect_storage","attribute":["arn"]},{"resource":"aws_s3_bucket.prefect_storage","attribute":["bucket"]},{"resource":"aws_s3_bucket.prefect_storage","attribute":["id"]}],"timestamp":"2026-01-25T14:11:37Z","applyable":true,"complete":true,"errored":false}
