{
  "version": 4,
  "terraform_version": "1.13.5",
  "serial": 3,
  "lineage": "4be9cee7-6752-ae40-8196-6fc049ac1960",
  "outputs": {},
  "resources": [
    {
      "mode": "managed",
      "type": "aws_iam_role",
      "name": "app_role",
      "provider": "provider[\"registry.terraform.io/hashicorp/aws\"]",
      "instances": [
        {
          "schema_version": 0,
          "attributes": {
            "arn": "arn:aws:iam::000000000000:role/ai-basis-demo-app-role",
            "assume_role_policy": "{\"Statement\":[{\"Action\":\"sts:AssumeRole\",\"Effect\":\"Allow\",\"Principal\":{\"Service\":\"ec2.amazonaws.com\"}}],\"Version\":\"2012-10-17\"}",
            "create_date": "2026-01-23T08:24:39Z",
            "description": "",
            "force_detach_policies": false,
            "id": "ai-basis-demo-app-role",
            "inline_policy": [],
            "managed_policy_arns": [],
            "max_session_duration": 3600,
            "name": "ai-basis-demo-app-role",
            "name_prefix": "",
            "path": "/",
            "permissions_boundary": "",
            "tags": {
              "Environment": "dev",
              "Name": "ai-basis-demo"
            },
            "tags_all": {
              "Environment": "dev",
              "Name": "ai-basis-demo"
            },
            "unique_id": "AROAQAAAAAAAIBC3IWUPO"
          },
          "sensitive_attributes": [],
          "identity_schema_version": 0,
          "identity": {
            "account_id": "000000000000",
            "name": "ai-basis-demo-app-role"
          },
          "private": "bnVsbA=="
        }
      ]
    }
  ],
  "check_results": null
}
