data.archive_file.lambda_dummy: Reading...
data.archive_file.lambda_dummy: Read complete after 0s [id=58e93fade67637870be5af38eff8d5aa66c7da49]
data.aws_iam_policy_document.lambda_assume_role: Reading...
data.aws_region.current: Reading...
data.aws_caller_identity.current: Reading...
data.aws_region.current: Read complete after 0s [id=eu-west-1]
data.aws_iam_policy_document.lambda_assume_role: Read complete after 0s [id=2690255455]
data.aws_partition.current: Reading...
data.aws_partition.current: Read complete after 0s [id=aws]
data.aws_caller_identity.current: Read complete after 0s [id=000000000000]
data.aws_iam_policy_document.send_telegram_notification: Reading...
data.aws_iam_policy_document.send_telegram_notification: Read complete after 0s [id=4247090107]

Terraform used the selected providers to generate the following execution
plan. Resource actions are indicated with the following symbols:
  + create
 <= read (data resources)

Terraform planned the following actions, but then encountered a problem:

  # data.aws_iam_policy_document.check_announcement will be read during apply
  # (config refers to values not yet known)
 <= data "aws_iam_policy_document" "check_announcement" {
      + id            = (known after apply)
      + json          = (known after apply)
      + minified_json = (known after apply)

      + statement {
          + actions   = [
              + "dynamodb:GetItem",
              + "dynamodb:PutItem",
            ]
          + effect    = "Allow"
          + resources = [
              + (known after apply),
            ]
        }
    }

  # data.aws_iam_policy_document.send_notification will be read during apply
  # (config refers to values not yet known)
 <= data "aws_iam_policy_document" "send_notification" {
      + id            = (known after apply)
      + json          = (known after apply)
      + minified_json = (known after apply)

      + statement {
          + actions   = [
              + "sns:Publish",
            ]
          + effect    = "Allow"
          + resources = [
              + (known after apply),
            ]
        }
    }

  # aws_cloudwatch_event_rule.check_announcement will be created
  + resource "aws_cloudwatch_event_rule" "check_announcement" {
      + arn                 = (known after apply)
      + event_bus_name      = "default"
      + force_destroy       = false
      + id                  = (known after apply)
      + name                = "cann-check-announcement"
      + name_prefix         = (known after apply)
      + region              = "eu-west-1"
      + schedule_expression = "ai-basis-tf"
      + tags_all            = {
          + "App"         = "cann"
          + "CreatedBy"   = "terraform"
          + "Environment" = "production"
        }
    }

  # aws_cloudwatch_log_group.check_announcement will be created
  + resource "aws_cloudwatch_log_group" "check_announcement" {
      + arn                         = (known after apply)
      + deletion_protection_enabled = (known after apply)
      + id                          = (known after apply)
      + log_group_class             = (known after apply)
      + name                        = "/aws/lambda/cann-check-announcement"
      + name_prefix                 = (known after apply)
      + region                      = "eu-west-1"
      + retention_in_days           = 14
      + skip_destroy                = false
      + tags_all                    = {
          + "App"         = "cann"
          + "CreatedBy"   = "terraform"
          + "Environment" = "production"
        }
    }

  # aws_cloudwatch_log_group.send_notification will be created
  + resource "aws_cloudwatch_log_group" "send_notification" {
      + arn                         = (known after apply)
      + deletion_protection_enabled = (known after apply)
      + id                          = (known after apply)
      + log_group_class             = (known after apply)
      + name                        = "/aws/lambda/cann-send-notification"
      + name_prefix                 = (known after apply)
      + region                      = "eu-west-1"
      + retention_in_days           = 14
      + skip_destroy                = false
      + tags_all                    = {
          + "App"         = "cann"
          + "CreatedBy"   = "terraform"
          + "Environment" = "production"
        }
    }

  # aws_cloudwatch_log_group.send_telegram_notification will be created
  + resource "aws_cloudwatch_log_group" "send_telegram_notification" {
      + arn                         = (known after apply)
      + deletion_protection_enabled = (known after apply)
      + id                          = (known after apply)
      + log_group_class             = (known after apply)
      + name                        = "/aws/lambda/cann-send-telegram-notification"
      + name_prefix                 = (known after apply)
      + region                      = "eu-west-1"
      + retention_in_days           = 14
      + skip_destroy                = false
      + tags_all                    = {
          + "App"         = "cann"
          + "CreatedBy"   = "terraform"
          + "Environment" = "production"
        }
    }

  # aws_dynamodb_table.announcements will be created
  + resource "aws_dynamodb_table" "announcements" {
      + arn              = (known after apply)
      + billing_mode     = "PAY_PER_REQUEST"
      + hash_key         = "URL"
      + id               = (known after apply)
      + name             = "cann-announcements"
      + read_capacity    = (known after apply)
      + region           = "eu-west-1"
      + stream_arn       = (known after apply)
      + stream_enabled   = true
      + stream_label     = (known after apply)
      + stream_view_type = "NEW_IMAGE"
      + tags_all         = {
          + "App"         = "cann"
          + "CreatedBy"   = "terraform"
          + "Environment" = "production"
        }
      + write_capacity   = (known after apply)

      + attribute {
          + name = "URL"
          + type = "S"
        }

      + global_secondary_index (known after apply)

      + global_table_witness (known after apply)

      + point_in_time_recovery (known after apply)

      + server_side_encryption (known after apply)

      + ttl {
          + attribute_name = "TTL"
          + enabled        = true
        }

      + warm_throughput (known after apply)
    }

  # aws_iam_policy.check_announcement will be created
  + resource "aws_iam_policy" "check_announcement" {
      + arn              = (known after apply)
      + attachment_count = (known after apply)
      + id               = (known after apply)
      + name             = "cann-check-announcement"
      + name_prefix      = (known after apply)
      + path             = "/"
      + policy           = (known after apply)
      + policy_id        = (known after apply)
      + tags_all         = {
          + "App"         = "cann"
          + "CreatedBy"   = "terraform"
          + "Environment" = "production"
        }
    }

  # aws_iam_policy.send_notification will be created
  + resource "aws_iam_policy" "send_notification" {
      + arn              = (known after apply)
      + attachment_count = (known after apply)
      + id               = (known after apply)
      + name             = "cann-send-notification"
      + name_prefix      = (known after apply)
      + path             = "/"
      + policy           = (known after apply)
      + policy_id        = (known after apply)
      + tags_all         = {
          + "App"         = "cann"
          + "CreatedBy"   = "terraform"
          + "Environment" = "production"
        }
    }

  # aws_iam_policy.send_telegram_notification will be created
  + resource "aws_iam_policy" "send_telegram_notification" {
      + arn              = (known after apply)
      + attachment_count = (known after apply)
      + id               = (known after apply)
      + name             = "cann-send-telegram-notification"
      + name_prefix      = (known after apply)
      + path             = "/"
      + policy           = jsonencode(
            {
              + Statement = [
                  + {
                      + Action   = [
                          + "ssm:GetParametersByPath",
                          + "ssm:GetParameters",
                          + "ssm:GetParameter",
                        ]
                      + Effect   = "Allow"
                      + Resource = [
                          + "arn:aws:ssm:eu-west-1:000000000000:parameter/telegram/auth_token",
                          + "arn:aws:ssm:eu-west-1:000000000000:parameter/announcements/telegram/*",
                        ]
                    },
                  + {
                      + Action    = "kms:Decrypt"
                      + Condition = {
                          + StringEquals = {
                              + "kms:ViaService" = "ssm.eu-west-1.amazonaws.com"
                            }
                        }
                      + Effect    = "Allow"
                      + Resource  = "*"
                    },
                ]
              + Version   = "2012-10-17"
            }
        )
      + policy_id        = (known after apply)
      + tags_all         = {
          + "App"         = "cann"
          + "CreatedBy"   = "terraform"
          + "Environment" = "production"
        }
    }

  # aws_iam_role.check_announcement will be created
  + resource "aws_iam_role" "check_announcement" {
      + arn                   = (known after apply)
      + assume_role_policy    = jsonencode(
            {
              + Statement = [
                  + {
                      + Action    = "sts:AssumeRole"
                      + Effect    = "Allow"
                      + Principal = {
                          + Service = "lambda.amazonaws.com"
                        }
                    },
                ]
              + Version   = "2012-10-17"
            }
        )
      + create_date           = (known after apply)
      + force_detach_policies = false
      + id                    = (known after apply)
      + managed_policy_arns   = (known after apply)
      + max_session_duration  = 3600
      + name                  = "cann-check-announcement"
      + name_prefix           = (known after apply)
      + path                  = "/"
      + tags_all              = {
          + "App"         = "cann"
          + "CreatedBy"   = "terraform"
          + "Environment" = "production"
        }
      + unique_id             = (known after apply)

      + inline_policy (known after apply)
    }

  # aws_iam_role.send_notification will be created
  + resource "aws_iam_role" "send_notification" {
      + arn                   = (known after apply)
      + assume_role_policy    = jsonencode(
            {
              + Statement = [
                  + {
                      + Action    = "sts:AssumeRole"
                      + Effect    = "Allow"
                      + Principal = {
                          + Service = "lambda.amazonaws.com"
                        }
                    },
                ]
              + Version   = "2012-10-17"
            }
        )
      + create_date           = (known after apply)
      + force_detach_policies = false
      + id                    = (known after apply)
      + managed_policy_arns   = (known after apply)
      + max_session_duration  = 3600
      + name                  = "cann-send-notification"
      + name_prefix           = (known after apply)
      + path                  = "/"
      + tags_all              = {
          + "App"         = "cann"
          + "CreatedBy"   = "terraform"
          + "Environment" = "production"
        }
      + unique_id             = (known after apply)

      + inline_policy (known after apply)
    }

  # aws_iam_role.send_telegram_notification will be created
  + resource "aws_iam_role" "send_telegram_notification" {
      + arn                   = (known after apply)
      + assume_role_policy    = jsonencode(
            {
              + Statement = [
                  + {
                      + Action    = "sts:AssumeRole"
                      + Effect    = "Allow"
                      + Principal = {
                          + Service = "lambda.amazonaws.com"
                        }
                    },
                ]
              + Version   = "2012-10-17"
            }
        )
      + create_date           = (known after apply)
      + force_detach_policies = false
      + id                    = (known after apply)
      + managed_policy_arns   = (known after apply)
      + max_session_duration  = 3600
      + name                  = "cann-send-telegram-notification"
      + name_prefix           = (known after apply)
      + path                  = "/"
      + tags_all              = {
          + "App"         = "cann"
          + "CreatedBy"   = "terraform"
          + "Environment" = "production"
        }
      + unique_id             = (known after apply)

      + inline_policy (known after apply)
    }

  # aws_iam_role_policy_attachment.check_announcement will be created
  + resource "aws_iam_role_policy_attachment" "check_announcement" {
      + id         = (known after apply)
      + policy_arn = (known after apply)
      + role       = "cann-check-announcement"
    }

  # aws_iam_role_policy_attachment.lambda_basic_execution["check"] will be created
  + resource "aws_iam_role_policy_attachment" "lambda_basic_execution" {
      + id         = (known after apply)
      + policy_arn = "arn:aws:iam::aws:policy/service-role/AWSLambdaBasicExecutionRole"
      + role       = "cann-check-announcement"
    }

  # aws_iam_role_policy_attachment.lambda_basic_execution["sendn"] will be created
  + resource "aws_iam_role_policy_attachment" "lambda_basic_execution" {
      + id         = (known after apply)
      + policy_arn = "arn:aws:iam::aws:policy/service-role/AWSLambdaBasicExecutionRole"
      + role       = "cann-send-notification"
    }

  # aws_iam_role_policy_attachment.lambda_basic_execution["sendt"] will be created
  + resource "aws_iam_role_policy_attachment" "lambda_basic_execution" {
      + id         = (known after apply)
      + policy_arn = "arn:aws:iam::aws:policy/service-role/AWSLambdaBasicExecutionRole"
      + role       = "cann-send-telegram-notification"
    }

  # aws_iam_role_policy_attachment.send_notification will be created
  + resource "aws_iam_role_policy_attachment" "send_notification" {
      + id         = (known after apply)
      + policy_arn = (known after apply)
      + role       = "cann-send-notification"
    }

  # aws_iam_role_policy_attachment.send_telegram_notification will be created
  + resource "aws_iam_role_policy_attachment" "send_telegram_notification" {
      + id         = (known after apply)
      + policy_arn = (known after apply)
      + role       = "cann-send-telegram-notification"
    }

  # aws_lambda_event_source_mapping.dynamodb_to_send_notification will be created
  + resource "aws_lambda_event_source_mapping" "dynamodb_to_send_notification" {
      + arn                           = (known after apply)
      + enabled                       = true
      + event_source_arn              = (known after apply)
      + function_arn                  = (known after apply)
      + function_name                 = (known after apply)
      + id                            = (known after apply)
      + last_modified                 = (known after apply)
      + last_processing_result        = (known after apply)
      + maximum_record_age_in_seconds = (known after apply)
      + maximum_retry_attempts        = (known after apply)
      + parallelization_factor        = (known after apply)
      + region                        = "eu-west-1"
      + starting_position             = "LATEST"
      + state                         = (known after apply)
      + state_transition_reason       = (known after apply)
      + tags_all                      = {
          + "App"         = "cann"
          + "CreatedBy"   = "terraform"
          + "Environment" = "production"
        }
      + uuid                          = (known after apply)

      + amazon_managed_kafka_event_source_config (known after apply)

      + self_managed_kafka_event_source_config (known after apply)
    }

  # aws_lambda_function.check_announcement will be created
  + resource "aws_lambda_function" "check_announcement" {
      + architectures                  = (known after apply)
      + arn                            = (known after apply)
      + code_sha256                    = (known after apply)
      + filename                       = "./.dummy/lambda.zip"
      + function_name                  = "cann-check-announcement"
      + handler                        = "main"
      + id                             = (known after apply)
      + invoke_arn                     = (known after apply)
      + last_modified                  = (known after apply)
      + memory_size                    = 128
      + package_type                   = "Zip"
      + publish                        = false
      + qualified_arn                  = (known after apply)
      + qualified_invoke_arn           = (known after apply)
      + region                         = "eu-west-1"
      + reserved_concurrent_executions = -1
      + response_streaming_invoke_arn  = (known after apply)
      + role                           = (known after apply)
      + runtime                        = "go1.x"
      + signing_job_arn                = (known after apply)
      + signing_profile_version_arn    = (known after apply)
      + skip_destroy                   = false
      + source_code_hash               = "wmbalFzzY/wG3ivChKElOZB3+B4gptmQyIat05p+fU4="
      + source_code_size               = (known after apply)
      + tags_all                       = {
          + "App"         = "cann"
          + "CreatedBy"   = "terraform"
          + "Environment" = "production"
        }
      + timeout                        = 10
      + version                        = (known after apply)

      + environment {
          + variables = {
              + "BASE_URL"       = "http://www.gobcan.es/educacion/Nombramientos/Documentos"
              + "DATE_FORMAT"    = "02-01-06"
              + "DYNAMODB_TABLE" = "cann-announcements"
            }
        }

      + ephemeral_storage (known after apply)

      + logging_config (known after apply)

      + tracing_config (known after apply)
    }

  # aws_lambda_function.send_notification will be created
  + resource "aws_lambda_function" "send_notification" {
      + architectures                  = (known after apply)
      + arn                            = (known after apply)
      + code_sha256                    = (known after apply)
      + filename                       = "./.dummy/lambda.zip"
      + function_name                  = "cann-send-notification"
      + handler                        = "main"
      + id                             = (known after apply)
      + invoke_arn                     = (known after apply)
      + last_modified                  = (known after apply)
      + memory_size                    = 128
      + package_type                   = "Zip"
      + publish                        = false
      + qualified_arn                  = (known after apply)
      + qualified_invoke_arn           = (known after apply)
      + region                         = "eu-west-1"
      + reserved_concurrent_executions = -1
      + response_streaming_invoke_arn  = (known after apply)
      + role                           = (known after apply)
      + runtime                        = "go1.x"
      + signing_job_arn                = (known after apply)
      + signing_profile_version_arn    = (known after apply)
      + skip_destroy                   = false
      + source_code_hash               = "wmbalFzzY/wG3ivChKElOZB3+B4gptmQyIat05p+fU4="
      + source_code_size               = (known after apply)
      + tags_all                       = {
          + "App"         = "cann"
          + "CreatedBy"   = "terraform"
          + "Environment" = "production"
        }
      + timeout                        = 10
      + version                        = (known after apply)

      + environment {
          + variables = (known after apply)
        }

      + ephemeral_storage (known after apply)

      + logging_config (known after apply)

      + tracing_config (known after apply)
    }

  # aws_lambda_function.send_telegram_notification will be created
  + resource "aws_lambda_function" "send_telegram_notification" {
      + architectures                  = (known after apply)
      + arn                            = (known after apply)
      + code_sha256                    = (known after apply)
      + filename                       = "./.dummy/lambda.zip"
      + function_name                  = "cann-send-telegram-notification"
      + handler                        = "main"
      + id                             = (known after apply)
      + invoke_arn                     = (known after apply)
      + last_modified                  = (known after apply)
      + memory_size                    = 256
      + package_type                   = "Zip"
      + publish                        = false
      + qualified_arn                  = (known after apply)
      + qualified_invoke_arn           = (known after apply)
      + region                         = "eu-west-1"
      + reserved_concurrent_executions = -1
      + response_streaming_invoke_arn  = (known after apply)
      + role                           = (known after apply)
      + runtime                        = "go1.x"
      + signing_job_arn                = (known after apply)
      + signing_profile_version_arn    = (known after apply)
      + skip_destroy                   = false
      + source_code_hash               = "wmbalFzzY/wG3ivChKElOZB3+B4gptmQyIat05p+fU4="
      + source_code_size               = (known after apply)
      + tags_all                       = {
          + "App"         = "cann"
          + "CreatedBy"   = "terraform"
          + "Environment" = "production"
        }
      + timeout                        = 30
      + version                        = (known after apply)

      + environment {
          + variables = {
              + "SSM_TELEGRAM_AUTH_TOKEN"   = "/telegram/auth_token"
              + "SSM_TELEGRAM_CHANNEL_NAME" = "/announcements/telegram/{announcement_id}/channel_name"
              + "SSM_TELEGRAM_CHAT_ID"      = "/announcements/telegram/{announcement_id}/chat_id"
            }
        }

      + ephemeral_storage (known after apply)

      + logging_config (known after apply)

      + tracing_config (known after apply)
    }

  # aws_lambda_permission.allow_dynamodb_stream will be created
  + resource "aws_lambda_permission" "allow_dynamodb_stream" {
      + action              = "lambda:InvokeFunction"
      + function_name       = "cann-send-notification"
      + id                  = (known after apply)
      + principal           = "dynamodb.amazonaws.com"
      + region              = "eu-west-1"
      + source_arn          = (known after apply)
      + statement_id        = "AllowExecutionFromDynamoDBStream"
      + statement_id_prefix = (known after apply)
    }

  # aws_lambda_permission.allow_sns will be created
  + resource "aws_lambda_permission" "allow_sns" {
      + action              = "lambda:InvokeFunction"
      + function_name       = "cann-send-telegram-notification"
      + id                  = (known after apply)
      + principal           = "sns.amazonaws.com"
      + region              = "eu-west-1"
      + source_arn          = (known after apply)
      + statement_id        = "AllowExecutionFromSNS"
      + statement_id_prefix = (known after apply)
    }

  # aws_sns_topic.notifications will be created
  + resource "aws_sns_topic" "notifications" {
      + arn                         = (known after apply)
      + beginning_archive_time      = (known after apply)
      + content_based_deduplication = false
      + fifo_throughput_scope       = (known after apply)
      + fifo_topic                  = false
      + id                          = (known after apply)
      + name                        = "cann-notifications"
      + name_prefix                 = (known after apply)
      + owner                       = (known after apply)
      + policy                      = (known after apply)
      + region                      = "eu-west-1"
      + signature_version           = (known after apply)
      + tags_all                    = {
          + "App"         = "cann"
          + "CreatedBy"   = "terraform"
          + "Environment" = "production"
        }
      + tracing_config              = (known after apply)
    }

  # aws_sns_topic_subscription.send_telegram_notification will be created
  + resource "aws_sns_topic_subscription" "send_telegram_notification" {
      + arn                             = (known after apply)
      + confirmation_timeout_in_minutes = 1
      + confirmation_was_authenticated  = (known after apply)
      + endpoint                        = (known after apply)
      + endpoint_auto_confirms          = false
      + filter_policy_scope             = (known after apply)
      + id                              = (known after apply)
      + owner_id                        = (known after apply)
      + pending_confirmation            = (known after apply)
      + protocol                        = "lambda"
      + raw_message_delivery            = false
      + region                          = "eu-west-1"
      + topic_arn                       = (known after apply)
    }

  # aws_ssm_parameter.telegram_auth_token will be created
  + resource "aws_ssm_parameter" "telegram_auth_token" {
      + arn            = (known after apply)
      + data_type      = (known after apply)
      + description    = "Telegram bot auth token"
      + has_value_wo   = (known after apply)
      + id             = (known after apply)
      + insecure_value = (known after apply)
      + key_id         = (known after apply)
      + name           = "/telegram/auth_token"
      + region         = "eu-west-1"
      + tags_all       = {
          + "App"         = "cann"
          + "CreatedBy"   = "terraform"
          + "Environment" = "production"
        }
      + tier           = (known after apply)
      + type           = "SecureString"
      + value          = (sensitive value)
      + value_wo       = (write-only attribute)
      + version        = (known after apply)
    }

Plan: 26 to add, 0 to change, 0 to destroy.

Changes to Outputs:
  + check_announcement_lambda_arn         = (known after apply)
  + dynamodb_table_name                   = "cann-announcements"
  + send_notification_lambda_arn          = (known after apply)
  + send_telegram_notification_lambda_arn = (known after apply)
  + sns_topic_arn                         = (known after apply)

Warning: Deprecated attribute

  on main.tf line 172, in data "aws_iam_policy_document" "send_telegram_notification":
 172:       "arn:${data.aws_partition.current.partition}:ssm:${data.aws_region.current.name}:${data.aws_caller_identity.current.account_id}:parameter${local.ssm_auth_token_name}",

The attribute "name" is deprecated. Refer to the provider documentation for
details.

(and 2 more similar warnings elsewhere)
