{
  "version": 4,
  "terraform_version": "1.13.5",
  "serial": 1,
  "lineage": "5ec29d71-ee4c-f0a3-c2b6-dd3d57c0cc5c",
  "outputs": {
    "aws_region": {
      "value": "us-east-1",
      "type": "string"
    }
  },
  "resources": [
    {
      "mode": "managed",
      "type": "random_id",
      "name": "suffix",
      "provider": "provider[\"registry.terraform.io/hashicorp/random\"]",
      "instances": [
        {
          "schema_version": 0,
          "attributes": {
            "b64_std": "6pWsfQ==",
            "b64_url": "6pWsfQ",
            "byte_length": 4,
            "dec": "3935677565",
            "hex": "ea95ac7d",
            "id": "6pWsfQ",
            "keepers": null,
            "prefix": null
          },
          "sensitive_attributes": [],
          "identity_schema_version": 0
        }
      ]
    }
  ],
  "check_results": null
}
