data.aws_vpc.default: Reading...
data.aws_region.current: Reading...
data.aws_caller_identity.current: Reading...
aws_cloudwatch_log_group.app: Refreshing state... [id=/ecs/helloapp]
aws_ecs_cluster.this: Refreshing state... [id=arn:aws:ecs:us-east-1:000000000000:cluster/helloapp-cluster]
aws_ecr_repository.app: Refreshing state... [id=helloapp]
aws_iam_role.task_execution: Refreshing state... [id=helloapp-task-exec]
data.aws_region.current: Read complete after 0s [id=us-east-1]
data.aws_caller_identity.current: Read complete after 0s [id=000000000000]
aws_iam_role_policy_attachment.task_execution: Refreshing state... [id=helloapp-task-exec-20260125224646300700000001]
aws_ecs_task_definition.this: Refreshing state... [id=helloapp]
data.aws_vpc.default: Read complete after 0s [id=vpc-1f445af656400d158]
data.aws_subnets.default: Reading...
aws_security_group.alb: Refreshing state... [id=sg-3ba828c5e060a97cf]
aws_lb_target_group.this: Refreshing state... [id=arn:aws:elasticloadbalancing:us-east-1:000000000000:targetgroup/helloapp-tg/d4df756fe591b0fd]
data.aws_subnets.default: Read complete after 0s [id=us-east-1]
aws_security_group.service: Refreshing state... [id=sg-246d33b6fa7cd341f]
aws_lb.this: Refreshing state... [id=arn:aws:elasticloadbalancing:us-east-1:000000000000:loadbalancer/app/helloapp-alb/ce5885379d5dc09c]
aws_lb_listener.http: Refreshing state... [id=arn:aws:elasticloadbalancing:us-east-1:000000000000:listener/app/helloapp-alb/ce5885379d5dc09c/50364f3a4dfdd60a]
aws_ecs_service.this: Refreshing state... [id=arn:aws:ecs:us-east-1:000000000000:service/helloapp-cluster/helloapp-service]

Terraform used the selected providers to generate the following execution
plan. Resource actions are indicated with the following symbols:
  ~ update in-place
-/+ destroy and then create replacement

Terraform will perform the following actions:

  # aws_ecs_service.this will be updated in-place
  ~ resource "aws_ecs_service" "this" {
      + availability_zone_rebalancing      = "DISABLED"
        id                                 = "arn:aws:ecs:us-east-1:000000000000:service/helloapp-cluster/helloapp-service"
        name                               = "helloapp-service"
        tags                               = {}
      ~ task_definition                    = "arn:aws:ecs:us-east-1:000000000000:task-definition/helloapp:1" -> (known after apply)
        # (14 unchanged attributes hidden)

        # (4 unchanged blocks hidden)
    }

  # aws_ecs_task_definition.this must be replaced
-/+ resource "aws_ecs_task_definition" "this" {
      ~ arn                      = "arn:aws:ecs:us-east-1:000000000000:task-definition/helloapp:1" -> (known after apply)
      ~ arn_without_revision     = "arn:aws:ecs:us-east-1:000000000000:task-definition/helloapp" -> (known after apply)
      ~ container_definitions    = jsonencode(
          ~ [
              ~ {
                  - environment      = []
                  - mountPoints      = []
                    name             = "helloapp"
                  ~ portMappings     = [
                      ~ {
                          - hostPort      = 18047
                            # (2 unchanged attributes hidden)
                        },
                    ]
                  - volumesFrom      = []
                    # (3 unchanged attributes hidden)
                },
            ] # forces replacement
        )
      ~ enable_fault_injection   = false -> (known after apply)
      ~ id                       = "helloapp" -> (known after apply)
      ~ revision                 = 1 -> (known after apply)
      - tags                     = {} -> null
        # (12 unchanged attributes hidden)
    }

  # aws_lb_listener.http will be updated in-place
  ~ resource "aws_lb_listener" "http" {
        id                                                                  = "arn:aws:elasticloadbalancing:us-east-1:000000000000:listener/app/helloapp-alb/ce5885379d5dc09c/50364f3a4dfdd60a"
      ~ port                                                                = 4566 -> 80
        tags                                                                = {}
        # (16 unchanged attributes hidden)

        # (1 unchanged block hidden)
    }

Plan: 1 to add, 2 to change, 1 to destroy.
