{
  "version": 4,
  "terraform_version": "1.13.5",
  "serial": 3,
  "lineage": "29a6e023-9dde-a9d4-1536-02da53486448",
  "outputs": {
    "app_url": {
      "value": "http://54.214.221.38:3000/",
      "type": "string"
    },
    "instance_id": {
      "value": "i-eab3d76d620bf760c",
      "type": "string"
    },
    "public_ip": {
      "value": "54.214.221.38",
      "type": "string"
    }
  },
  "resources": [
    {
      "mode": "data",
      "type": "aws_ami",
      "name": "al2023",
      "provider": "provider[\"registry.terraform.io/hashicorp/aws\"]",
      "instances": [
        {
          "schema_version": 0,
          "attributes": {
            "allow_unsafe_filter": null,
            "architecture": "x86_64",
            "arn": "arn:aws:ec2:us-west-2::image/ami-06a974f9b8a97ecf2",
            "block_device_mappings": [
              {
                "device_name": "/dev/xvda",
                "ebs": {
                  "delete_on_termination": "false",
                  "encrypted": "false",
                  "iops": "0",
                  "snapshot_id": "snap-520e4af4356848763",
                  "throughput": "0",
                  "volume_initialization_rate": "0",
                  "volume_size": "15",
                  "volume_type": "standard"
                },
                "no_device": "",
                "virtual_name": ""
              }
            ],
            "boot_mode": "uefi",
            "creation_date": "2026-01-25T19:55:33.000Z",
            "deprecation_time": "",
            "description": "Amazon Linux 2023 AMI 2023.8.20250915.0 x86_64 HVM kernel-6.1",
            "ena_support": false,
            "executable_users": null,
            "filter": [
              {
                "name": "name",
                "values": [
                  "al2023-ami-*-x86_64"
                ]
              },
              {
                "name": "virtualization-type",
                "values": [
                  "hvm"
                ]
              }
            ],
            "hypervisor": "xen",
            "id": "ami-06a974f9b8a97ecf2",
            "image_id": "ami-06a974f9b8a97ecf2",
            "image_location": "",
            "image_owner_alias": "amazon",
            "image_type": "machine",
            "imds_support": "",
            "include_deprecated": false,
            "kernel_id": "",
            "last_launched_time": "",
            "most_recent": true,
            "name": "al2023-ami-2023.8.20250915.0-kernel-6.1-x86_64",
            "name_regex": null,
            "owner_id": "137112412989",
            "owners": [
              "amazon"
            ],
            "platform": "",
            "platform_details": "",
            "product_codes": [],
            "public": true,
            "ramdisk_id": "",
            "region": "us-west-2",
            "root_device_name": "/dev/xvda",
            "root_device_type": "ebs",
            "root_snapshot_id": "snap-520e4af4356848763",
            "sriov_net_support": "",
            "state": "available",
            "state_reason": {
              "code": "UNSET",
              "message": "UNSET"
            },
            "tags": {},
            "timeouts": null,
            "tpm_support": "",
            "uefi_data": null,
            "usage_operation": "",
            "virtualization_type": "hvm"
          },
          "sensitive_attributes": [],
          "identity_schema_version": 0
        }
      ]
    },
    {
      "mode": "data",
      "type": "aws_subnets",
      "name": "default",
      "provider": "provider[\"registry.terraform.io/hashicorp/aws\"]",
      "instances": [
        {
          "schema_version": 0,
          "attributes": {
            "filter": [
              {
                "name": "vpc-id",
                "values": [
                  "vpc-67879c5839981ae3e"
                ]
              }
            ],
            "id": "us-west-2",
            "ids": [
              "subnet-0d06a7f23af58a653",
              "subnet-cbf8e38946c50dc77",
              "subnet-e737805a8945b8cfe",
              "subnet-9b764c1429a683af3"
            ],
            "region": "us-west-2",
            "tags": null,
            "timeouts": null
          },
          "sensitive_attributes": [],
          "identity_schema_version": 0
        }
      ]
    },
    {
      "mode": "data",
      "type": "aws_vpc",
      "name": "default",
      "provider": "provider[\"registry.terraform.io/hashicorp/aws\"]",
      "instances": [
        {
          "schema_version": 0,
          "attributes": {
            "arn": "arn:aws:ec2:us-west-2:000000000000:vpc/vpc-67879c5839981ae3e",
            "cidr_block": "172.31.0.0/16",
            "cidr_block_associations": [
              {
                "association_id": "vpc-cidr-assoc-9555a1463fec3ad42",
                "cidr_block": "172.31.0.0/16",
                "state": "associated"
              }
            ],
            "default": true,
            "dhcp_options_id": "default",
            "enable_dns_hostnames": true,
            "enable_dns_support": true,
            "enable_network_address_usage_metrics": false,
            "filter": null,
            "id": "vpc-67879c5839981ae3e",
            "instance_tenancy": "default",
            "ipv6_association_id": "",
            "ipv6_cidr_block": "",
            "main_route_table_id": "rtb-f412bbffb1b863761",
            "owner_id": "000000000000",
            "region": "us-west-2",
            "state": null,
            "tags": {},
            "timeouts": null
          },
          "sensitive_attributes": [],
          "identity_schema_version": 0
        }
      ]
    },
    {
      "mode": "managed",
      "type": "aws_instance",
      "name": "app",
      "provider": "provider[\"registry.terraform.io/hashicorp/aws\"]",
      "instances": [
        {
          "schema_version": 2,
          "attributes": {
            "ami": "ami-06a974f9b8a97ecf2",
            "arn": "arn:aws:ec2:us-west-2:000000000000:instance/i-eab3d76d620bf760c",
            "associate_public_ip_address": true,
            "availability_zone": "us-west-2a",
            "capacity_reservation_specification": [],
            "cpu_options": [],
            "credit_specification": [],
            "disable_api_stop": false,
            "disable_api_termination": false,
            "ebs_block_device": [],
            "ebs_optimized": false,
            "enable_primary_ipv6": null,
            "enclave_options": [],
            "ephemeral_block_device": [],
            "force_destroy": false,
            "get_password_data": false,
            "hibernation": false,
            "host_id": "",
            "host_resource_group_arn": null,
            "iam_instance_profile": "",
            "id": "i-eab3d76d620bf760c",
            "instance_initiated_shutdown_behavior": "stop",
            "instance_lifecycle": "",
            "instance_market_options": [],
            "instance_state": "running",
            "instance_type": "t3.micro",
            "ipv6_address_count": 0,
            "ipv6_addresses": [],
            "key_name": "",
            "launch_template": [],
            "maintenance_options": [],
            "metadata_options": [
              {
                "http_endpoint": "enabled",
                "http_protocol_ipv6": "disabled",
                "http_put_response_hop_limit": 1,
                "http_tokens": "optional",
                "instance_metadata_tags": "disabled"
              }
            ],
            "monitoring": false,
            "network_interface": [],
            "outpost_arn": "",
            "password_data": "",
            "placement_group": "",
            "placement_group_id": "",
            "placement_partition_number": 0,
            "primary_network_interface": [
              {
                "delete_on_termination": true,
                "network_interface_id": "eni-7d9dc27bd44125406"
              }
            ],
            "primary_network_interface_id": "eni-7d9dc27bd44125406",
            "private_dns": "ip-172-31-0-4.us-west-2.compute.internal",
            "private_dns_name_options": [],
            "private_ip": "172.31.0.4",
            "public_dns": "ec2-54-214-221-38.us-west-2.localhost.localstack.cloud",
            "public_ip": "54.214.221.38",
            "region": "us-west-2",
            "root_block_device": [
              {
                "delete_on_termination": true,
                "device_name": "/dev/sda1",
                "encrypted": false,
                "iops": 0,
                "kms_key_id": "",
                "tags": {
                  "Managed": "terraform",
                  "Project": "terraform-deployment-app"
                },
                "tags_all": {
                  "Managed": "terraform",
                  "Project": "terraform-deployment-app"
                },
                "throughput": 0,
                "volume_id": "vol-aea77958deebea715",
                "volume_size": 8,
                "volume_type": "gp2"
              }
            ],
            "secondary_private_ips": [],
            "security_groups": [],
            "source_dest_check": true,
            "spot_instance_request_id": "",
            "subnet_id": "subnet-0d06a7f23af58a653",
            "tags": {
              "Name": "terraform-deployment-app"
            },
            "tags_all": {
              "Managed": "terraform",
              "Name": "terraform-deployment-app",
              "Project": "terraform-deployment-app"
            },
            "tenancy": "default",
            "timeouts": null,
            "user_data": "#!/bin/bash\nset -euxo pipefail\n\ndnf -y update\ndnf -y install nodejs npm\n\nmkdir -p /opt/app\ncat \u003e /opt/app/server.js \u003c\u003c'APP'\nconst express = require('express')\nconst app = express()\nconst port = 3000\n\napp.get('/', (req, res) =\u003e {\n    res.send('Hello World!')\n})\n\napp.listen(port, () =\u003e {\n    console.log('Example app listening on port ' + port)\n})\nAPP\n\ncat \u003e /opt/app/package.json \u003c\u003c'APP'\n{\n  \"name\": \"zezf\",\n  \"version\": \"1.0.0\",\n  \"description\": \"\",\n  \"main\": \"server.js\",\n  \"scripts\": {\n    \"start\": \"node server.js\"\n  },\n  \"dependencies\": {\n    \"express\": \"^4.19.2\"\n  }\n}\nAPP\n\ncd /opt/app\nnpm install --omit=dev\n\ncat \u003e /etc/systemd/system/terraform-deployment-app.service \u003c\u003c'UNIT'\n[Unit]\nDescription=terraform-deployment-app\nAfter=network.target\n\n[Service]\nType=simple\nWorkingDirectory=/opt/app\nExecStart=/usr/bin/node /opt/app/server.js\nRestart=always\nRestartSec=3\nEnvironment=NODE_ENV=production\n\n[Install]\nWantedBy=multi-user.target\nUNIT\n\nsystemctl daemon-reload\nsystemctl enable --now terraform-deployment-app.service\n",
            "user_data_base64": null,
            "user_data_replace_on_change": false,
            "volume_tags": null,
            "vpc_security_group_ids": [
              "sg-db4a506de2b39294b"
            ]
          },
          "sensitive_attributes": [],
          "identity_schema_version": 0,
          "identity": {
            "account_id": "000000000000",
            "id": "i-eab3d76d620bf760c",
            "region": "us-west-2"
          },
          "private": "eyJlMmJmYjczMC1lY2FhLTExZTYtOGY4OC0zNDM2M2JjN2M0YzAiOnsiY3JlYXRlIjo2MDAwMDAwMDAwMDAsImRlbGV0ZSI6MTIwMDAwMDAwMDAwMCwicmVhZCI6OTAwMDAwMDAwMDAwLCJ1cGRhdGUiOjYwMDAwMDAwMDAwMH0sInNjaGVtYV92ZXJzaW9uIjoiMiJ9",
          "dependencies": [
            "aws_security_group.app",
            "data.aws_ami.al2023",
            "data.aws_subnets.default",
            "data.aws_vpc.default"
          ]
        }
      ]
    },
    {
      "mode": "managed",
      "type": "aws_security_group",
      "name": "app",
      "provider": "provider[\"registry.terraform.io/hashicorp/aws\"]",
      "instances": [
        {
          "schema_version": 1,
          "attributes": {
            "arn": "arn:aws:ec2:us-west-2:000000000000:security-group/sg-db4a506de2b39294b",
            "description": "Security group for terraform-deployment-app",
            "egress": [
              {
                "cidr_blocks": [
                  "0.0.0.0/0"
                ],
                "description": "",
                "from_port": 0,
                "ipv6_cidr_blocks": [],
                "prefix_list_ids": [],
                "protocol": "-1",
                "security_groups": [],
                "self": false,
                "to_port": 0
              }
            ],
            "id": "sg-db4a506de2b39294b",
            "ingress": [
              {
                "cidr_blocks": [
                  "0.0.0.0/0"
                ],
                "description": "HTTP (app)",
                "from_port": 3000,
                "ipv6_cidr_blocks": [],
                "prefix_list_ids": [],
                "protocol": "tcp",
                "security_groups": [],
                "self": false,
                "to_port": 3000
              }
            ],
            "name": "terraform-deployment-app-20260125195546931100000001",
            "name_prefix": "terraform-deployment-app-",
            "owner_id": "000000000000",
            "region": "us-west-2",
            "revoke_rules_on_delete": false,
            "tags": null,
            "tags_all": {
              "Managed": "terraform",
              "Project": "terraform-deployment-app"
            },
            "timeouts": null,
            "vpc_id": "vpc-67879c5839981ae3e"
          },
          "sensitive_attributes": [],
          "identity_schema_version": 0,
          "identity": {
            "account_id": "000000000000",
            "id": "sg-db4a506de2b39294b",
            "region": "us-west-2"
          },
          "private": "eyJlMmJmYjczMC1lY2FhLTExZTYtOGY4OC0zNDM2M2JjN2M0YzAiOnsiY3JlYXRlIjo2MDAwMDAwMDAwMDAsImRlbGV0ZSI6OTAwMDAwMDAwMDAwfSwic2NoZW1hX3ZlcnNpb24iOiIxIn0=",
          "dependencies": [
            "data.aws_vpc.default"
          ]
        }
      ]
    }
  ],
  "check_results": null
}
