{
  "version": 4,
  "terraform_version": "1.13.5",
  "serial": 1,
  "lineage": "665b669d-25ad-74c1-6c92-3211722a0884",
  "outputs": {},
  "resources": [
    {
      "mode": "managed",
      "type": "random_id",
      "name": "suffix",
      "provider": "provider[\"registry.terraform.io/hashicorp/random\"]",
      "instances": [
        {
          "schema_version": 0,
          "attributes": {
            "b64_std": "m47aUQ==",
            "b64_url": "m47aUQ",
            "byte_length": 4,
            "dec": "2609830481",
            "hex": "9b8eda51",
            "id": "m47aUQ",
            "keepers": null,
            "prefix": null
          },
          "sensitive_attributes": [],
          "identity_schema_version": 0
        }
      ]
    }
  ],
  "check_results": null
}
