{
  "version": 4,
  "terraform_version": "1.13.5",
  "serial": 1,
  "lineage": "7a6b09fe-acfb-b6f0-889f-f4fe2aaa1dd2",
  "outputs": {},
  "resources": [
    {
      "mode": "managed",
      "type": "random_id",
      "name": "suffix",
      "provider": "provider[\"registry.terraform.io/hashicorp/random\"]",
      "instances": [
        {
          "schema_version": 0,
          "attributes": {
            "b64_std": "8U7Ukw==",
            "b64_url": "8U7Ukw",
            "byte_length": 4,
            "dec": "4048475283",
            "hex": "f14ed493",
            "id": "8U7Ukw",
            "keepers": null,
            "prefix": null
          },
          "sensitive_attributes": [],
          "identity_schema_version": 0
        }
      ]
    }
  ],
  "check_results": null
}
