data.archive_file.lambda_zip: Reading...
data.archive_file.lambda_dummy: Reading...
data.archive_file.lambda_dummy: Read complete after 0s [id=58e93fade67637870be5af38eff8d5aa66c7da49]
data.archive_file.lambda_zip: Read complete after 0s [id=235776908bc89e8fe76b6ca0d5e4a14004c83644]
data.aws_region.current: Reading...
data.aws_partition.current: Reading...
data.aws_caller_identity.current: Reading...
data.aws_region.current: Read complete after 0s [id=us-east-1]
data.aws_partition.current: Read complete after 0s [id=aws]
data.aws_caller_identity.current: Read complete after 0s [id=000000000000]

Terraform used the selected providers to generate the following execution
plan. Resource actions are indicated with the following symbols:
  + create

Terraform will perform the following actions:

  # aws_api_gateway_deployment.this will be created
  + resource "aws_api_gateway_deployment" "this" {
      + created_date = (known after apply)
      + id           = (known after apply)
      + region       = "us-east-1"
      + rest_api_id  = (known after apply)
      + triggers     = (known after apply)
    }

  # aws_api_gateway_integration.any_proxy will be created
  + resource "aws_api_gateway_integration" "any_proxy" {
      + cache_namespace         = (known after apply)
      + connection_type         = "INTERNET"
      + http_method             = "ANY"
      + id                      = (known after apply)
      + integration_http_method = "POST"
      + passthrough_behavior    = (known after apply)
      + region                  = "us-east-1"
      + resource_id             = (known after apply)
      + response_transfer_mode  = (known after apply)
      + rest_api_id             = (known after apply)
      + timeout_milliseconds    = 29000
      + type                    = "AWS_PROXY"
      + uri                     = (known after apply)
    }

  # aws_api_gateway_integration.any_root will be created
  + resource "aws_api_gateway_integration" "any_root" {
      + cache_namespace         = (known after apply)
      + connection_type         = "INTERNET"
      + http_method             = "ANY"
      + id                      = (known after apply)
      + integration_http_method = "POST"
      + passthrough_behavior    = (known after apply)
      + region                  = "us-east-1"
      + resource_id             = (known after apply)
      + response_transfer_mode  = (known after apply)
      + rest_api_id             = (known after apply)
      + timeout_milliseconds    = 29000
      + type                    = "AWS_PROXY"
      + uri                     = (known after apply)
    }

  # aws_api_gateway_integration.options_proxy will be created
  + resource "aws_api_gateway_integration" "options_proxy" {
      + cache_namespace        = (known after apply)
      + connection_type        = "INTERNET"
      + http_method            = "OPTIONS"
      + id                     = (known after apply)
      + passthrough_behavior   = (known after apply)
      + region                 = "us-east-1"
      + request_templates      = {
          + "application/json" = jsonencode(
                {
                  + statusCode = 200
                }
            )
        }
      + resource_id            = (known after apply)
      + response_transfer_mode = (known after apply)
      + rest_api_id            = (known after apply)
      + timeout_milliseconds   = 29000
      + type                   = "MOCK"
    }

  # aws_api_gateway_integration_response.options_proxy will be created
  + resource "aws_api_gateway_integration_response" "options_proxy" {
      + http_method         = "OPTIONS"
      + id                  = (known after apply)
      + region              = "us-east-1"
      + resource_id         = (known after apply)
      + response_parameters = {
          + "method.response.header.Access-Control-Allow-Headers" = "'Content-Type,X-Amz-Date,Authorization,X-Api-Key,X-Amz-Security-Token'"
          + "method.response.header.Access-Control-Allow-Methods" = "'GET,POST,OPTIONS'"
          + "method.response.header.Access-Control-Allow-Origin"  = "'*'"
        }
      + rest_api_id         = (known after apply)
      + status_code         = "200"
    }

  # aws_api_gateway_method.any_proxy will be created
  + resource "aws_api_gateway_method" "any_proxy" {
      + api_key_required = false
      + authorization    = "NONE"
      + http_method      = "ANY"
      + id               = (known after apply)
      + region           = "us-east-1"
      + resource_id      = (known after apply)
      + rest_api_id      = (known after apply)
    }

  # aws_api_gateway_method.any_root will be created
  + resource "aws_api_gateway_method" "any_root" {
      + api_key_required = false
      + authorization    = "NONE"
      + http_method      = "ANY"
      + id               = (known after apply)
      + region           = "us-east-1"
      + resource_id      = (known after apply)
      + rest_api_id      = (known after apply)
    }

  # aws_api_gateway_method.options_proxy will be created
  + resource "aws_api_gateway_method" "options_proxy" {
      + api_key_required = false
      + authorization    = "NONE"
      + http_method      = "OPTIONS"
      + id               = (known after apply)
      + region           = "us-east-1"
      + resource_id      = (known after apply)
      + rest_api_id      = (known after apply)
    }

  # aws_api_gateway_method_response.options_proxy will be created
  + resource "aws_api_gateway_method_response" "options_proxy" {
      + http_method         = "OPTIONS"
      + id                  = (known after apply)
      + region              = "us-east-1"
      + resource_id         = (known after apply)
      + response_parameters = {
          + "method.response.header.Access-Control-Allow-Headers" = true
          + "method.response.header.Access-Control-Allow-Methods" = true
          + "method.response.header.Access-Control-Allow-Origin"  = true
        }
      + rest_api_id         = (known after apply)
      + status_code         = "200"
    }

  # aws_api_gateway_resource.proxy will be created
  + resource "aws_api_gateway_resource" "proxy" {
      + id          = (known after apply)
      + parent_id   = (known after apply)
      + path        = (known after apply)
      + path_part   = "{proxy+}"
      + region      = "us-east-1"
      + rest_api_id = (known after apply)
    }

  # aws_api_gateway_rest_api.this will be created
  + resource "aws_api_gateway_rest_api" "this" {
      + api_key_source               = (known after apply)
      + arn                          = (known after apply)
      + binary_media_types           = (known after apply)
      + created_date                 = (known after apply)
      + description                  = (known after apply)
      + disable_execute_api_endpoint = (known after apply)
      + execution_arn                = (known after apply)
      + id                           = (known after apply)
      + minimum_compression_size     = (known after apply)
      + name                         = "url-shortener-dev-api"
      + policy                       = (known after apply)
      + region                       = "us-east-1"
      + root_resource_id             = (known after apply)
      + tags_all                     = {
          + "Environment" = "dev"
          + "ManagedBy"   = "terraform"
          + "Project"     = "url-shortener"
        }

      + endpoint_configuration {
          + ip_address_type  = (known after apply)
          + types            = [
              + "REGIONAL",
            ]
          + vpc_endpoint_ids = (known after apply)
        }
    }

  # aws_api_gateway_stage.this will be created
  + resource "aws_api_gateway_stage" "this" {
      + arn                  = (known after apply)
      + deployment_id        = (known after apply)
      + execution_arn        = (known after apply)
      + id                   = (known after apply)
      + invoke_url           = (known after apply)
      + region               = "us-east-1"
      + rest_api_id          = (known after apply)
      + stage_name           = "prod"
      + tags_all             = {
          + "Environment" = "dev"
          + "ManagedBy"   = "terraform"
          + "Project"     = "url-shortener"
        }
      + web_acl_arn          = (known after apply)
      + xray_tracing_enabled = false

      + access_log_settings {
          + destination_arn = (known after apply)
          + format          = jsonencode(
                {
                  + httpMethod     = "$context.httpMethod"
                  + ip             = "$context.identity.sourceIp"
                  + path           = "$context.path"
                  + protocol       = "$context.protocol"
                  + requestId      = "$context.requestId"
                  + requestTime    = "$context.requestTime"
                  + responseLength = "$context.responseLength"
                  + routeKey       = "$context.routeKey"
                  + status         = "$context.status"
                  + userAgent      = "$context.identity.userAgent"
                }
            )
        }
    }

  # aws_cloudfront_distribution.static will be created
  + resource "aws_cloudfront_distribution" "static" {
      + arn                             = (known after apply)
      + caller_reference                = (known after apply)
      + comment                         = "url-shortener-dev static site"
      + continuous_deployment_policy_id = (known after apply)
      + default_root_object             = "index.html"
      + domain_name                     = (known after apply)
      + enabled                         = true
      + etag                            = (known after apply)
      + hosted_zone_id                  = (known after apply)
      + http_version                    = "http2"
      + id                              = (known after apply)
      + in_progress_validation_batches  = (known after apply)
      + is_ipv6_enabled                 = true
      + last_modified_time              = (known after apply)
      + logging_v1_enabled              = (known after apply)
      + price_class                     = "PriceClass_All"
      + retain_on_delete                = false
      + staging                         = false
      + status                          = (known after apply)
      + tags_all                        = {
          + "Environment" = "dev"
          + "ManagedBy"   = "terraform"
          + "Project"     = "url-shortener"
        }
      + trusted_key_groups              = (known after apply)
      + trusted_signers                 = (known after apply)
      + wait_for_deployment             = true

      + default_cache_behavior {
          + allowed_methods        = [
              + "GET",
              + "HEAD",
              + "OPTIONS",
            ]
          + cached_methods         = [
              + "GET",
              + "HEAD",
              + "OPTIONS",
            ]
          + compress               = true
          + default_ttl            = 3600
          + max_ttl                = 86400
          + min_ttl                = 0
          + target_origin_id       = "s3-static"
          + trusted_key_groups     = (known after apply)
          + trusted_signers        = (known after apply)
          + viewer_protocol_policy = "redirect-to-https"

          + forwarded_values {
              + headers                 = (known after apply)
              + query_string            = false
              + query_string_cache_keys = (known after apply)

              + cookies {
                  + forward           = "none"
                  + whitelisted_names = (known after apply)
                }
            }

          + grpc_config (known after apply)
        }

      + origin {
          + connection_attempts         = 3
          + connection_timeout          = 10
          + domain_name                 = (known after apply)
          + origin_access_control_id    = (known after apply)
          + origin_id                   = "s3-static"
          + response_completion_timeout = (known after apply)
            # (1 unchanged attribute hidden)
        }

      + restrictions {
          + geo_restriction {
              + locations        = (known after apply)
              + restriction_type = "none"
            }
        }

      + viewer_certificate {
          + cloudfront_default_certificate = true
          + minimum_protocol_version       = "TLSv1"
        }
    }

  # aws_cloudfront_origin_access_control.oac will be created
  + resource "aws_cloudfront_origin_access_control" "oac" {
      + arn                               = (known after apply)
      + description                       = "OAC for static site bucket"
      + etag                              = (known after apply)
      + id                                = (known after apply)
      + name                              = "url-shortener-dev-oac"
      + origin_access_control_origin_type = "s3"
      + signing_behavior                  = "always"
      + signing_protocol                  = "sigv4"
    }

  # aws_cloudwatch_log_group.apigw_access will be created
  + resource "aws_cloudwatch_log_group" "apigw_access" {
      + arn                         = (known after apply)
      + deletion_protection_enabled = (known after apply)
      + id                          = (known after apply)
      + log_group_class             = (known after apply)
      + name                        = "/aws/apigateway/url-shortener-dev-access"
      + name_prefix                 = (known after apply)
      + region                      = "us-east-1"
      + retention_in_days           = 14
      + skip_destroy                = false
      + tags_all                    = {
          + "Environment" = "dev"
          + "ManagedBy"   = "terraform"
          + "Project"     = "url-shortener"
        }
    }

  # aws_cloudwatch_log_group.lambda will be created
  + resource "aws_cloudwatch_log_group" "lambda" {
      + arn                         = (known after apply)
      + deletion_protection_enabled = (known after apply)
      + id                          = (known after apply)
      + log_group_class             = (known after apply)
      + name                        = "/aws/lambda/url-shortener-dev"
      + name_prefix                 = (known after apply)
      + region                      = "us-east-1"
      + retention_in_days           = 14
      + skip_destroy                = false
      + tags_all                    = {
          + "Environment" = "dev"
          + "ManagedBy"   = "terraform"
          + "Project"     = "url-shortener"
        }
    }

  # aws_dynamodb_table.urldb will be created
  + resource "aws_dynamodb_table" "urldb" {
      + arn              = (known after apply)
      + billing_mode     = "PAY_PER_REQUEST"
      + hash_key         = "short_url_id"
      + id               = (known after apply)
      + name             = "URLDB"
      + read_capacity    = (known after apply)
      + region           = "us-east-1"
      + stream_arn       = (known after apply)
      + stream_label     = (known after apply)
      + stream_view_type = (known after apply)
      + tags_all         = {
          + "Environment" = "dev"
          + "ManagedBy"   = "terraform"
          + "Project"     = "url-shortener"
        }
      + write_capacity   = (known after apply)

      + attribute {
          + name = "short_url_id"
          + type = "S"
        }

      + global_secondary_index (known after apply)

      + global_table_witness (known after apply)

      + point_in_time_recovery {
          + enabled                 = true
          + recovery_period_in_days = (known after apply)
        }

      + server_side_encryption (known after apply)

      + ttl {
          + attribute_name = "ttl"
          + enabled        = true
        }

      + warm_throughput (known after apply)
    }

  # aws_iam_role.lambda_exec will be created
  + resource "aws_iam_role" "lambda_exec" {
      + arn                   = (known after apply)
      + assume_role_policy    = jsonencode(
            {
              + Statement = [
                  + {
                      + Action    = "sts:AssumeRole"
                      + Effect    = "Allow"
                      + Principal = {
                          + Service = "lambda.amazonaws.com"
                        }
                    },
                ]
              + Version   = "2012-10-17"
            }
        )
      + create_date           = (known after apply)
      + force_detach_policies = false
      + id                    = (known after apply)
      + managed_policy_arns   = (known after apply)
      + max_session_duration  = 3600
      + name                  = "url-shortener-dev-lambda-exec"
      + name_prefix           = (known after apply)
      + path                  = "/"
      + tags_all              = {
          + "Environment" = "dev"
          + "ManagedBy"   = "terraform"
          + "Project"     = "url-shortener"
        }
      + unique_id             = (known after apply)

      + inline_policy (known after apply)
    }

  # aws_iam_role_policy.lambda_dynamodb will be created
  + resource "aws_iam_role_policy" "lambda_dynamodb" {
      + id          = (known after apply)
      + name        = "url-shortener-dev-lambda-ddb"
      + name_prefix = (known after apply)
      + policy      = (known after apply)
      + role        = (known after apply)
    }

  # aws_iam_role_policy.lambda_logs will be created
  + resource "aws_iam_role_policy" "lambda_logs" {
      + id          = (known after apply)
      + name        = "url-shortener-dev-lambda-logs"
      + name_prefix = (known after apply)
      + policy      = jsonencode(
            {
              + Statement = [
                  + {
                      + Action   = [
                          + "logs:CreateLogGroup",
                          + "logs:CreateLogStream",
                          + "logs:PutLogEvents",
                        ]
                      + Effect   = "Allow"
                      + Resource = "*"
                    },
                ]
              + Version   = "2012-10-17"
            }
        )
      + role        = (known after apply)
    }

  # aws_lambda_function.api will be created
  + resource "aws_lambda_function" "api" {
      + architectures                  = (known after apply)
      + arn                            = (known after apply)
      + code_sha256                    = (known after apply)
      + filename                       = "./build/lambda.zip"
      + function_name                  = "url-shortener-dev"
      + handler                        = "lambda.handler"
      + id                             = (known after apply)
      + invoke_arn                     = (known after apply)
      + last_modified                  = (known after apply)
      + memory_size                    = 256
      + package_type                   = "Zip"
      + publish                        = false
      + qualified_arn                  = (known after apply)
      + qualified_invoke_arn           = (known after apply)
      + region                         = "us-east-1"
      + reserved_concurrent_executions = -1
      + response_streaming_invoke_arn  = (known after apply)
      + role                           = (known after apply)
      + runtime                        = "python3.12"
      + signing_job_arn                = (known after apply)
      + signing_profile_version_arn    = (known after apply)
      + skip_destroy                   = false
      + source_code_hash               = "HJVCjf0OPhWLcKje4uNlsP63jYcC9aJJDuu48AgRPH0="
      + source_code_size               = (known after apply)
      + tags_all                       = {
          + "Environment" = "dev"
          + "ManagedBy"   = "terraform"
          + "Project"     = "url-shortener"
        }
      + timeout                        = 10
      + version                        = (known after apply)

      + environment {
          + variables = {
              + "TABLE_NAME" = "URLDB"
            }
        }

      + ephemeral_storage (known after apply)

      + logging_config (known after apply)

      + tracing_config (known after apply)
    }

  # aws_lambda_permission.apigw will be created
  + resource "aws_lambda_permission" "apigw" {
      + action              = "lambda:InvokeFunction"
      + function_name       = "url-shortener-dev"
      + id                  = (known after apply)
      + principal           = "apigateway.amazonaws.com"
      + region              = "us-east-1"
      + source_arn          = (known after apply)
      + statement_id        = "AllowExecutionFromAPIGateway"
      + statement_id_prefix = (known after apply)
    }

  # aws_s3_bucket.static will be created
  + resource "aws_s3_bucket" "static" {
      + acceleration_status         = (known after apply)
      + acl                         = (known after apply)
      + arn                         = (known after apply)
      + bucket                      = "url-shortener-dev-static-000000000000"
      + bucket_domain_name          = (known after apply)
      + bucket_prefix               = (known after apply)
      + bucket_region               = (known after apply)
      + bucket_regional_domain_name = (known after apply)
      + force_destroy               = true
      + hosted_zone_id              = (known after apply)
      + id                          = (known after apply)
      + object_lock_enabled         = (known after apply)
      + policy                      = (known after apply)
      + region                      = "us-east-1"
      + request_payer               = (known after apply)
      + tags_all                    = {
          + "Environment" = "dev"
          + "ManagedBy"   = "terraform"
          + "Project"     = "url-shortener"
        }
      + website_domain              = (known after apply)
      + website_endpoint            = (known after apply)

      + cors_rule (known after apply)

      + grant (known after apply)

      + lifecycle_rule (known after apply)

      + logging (known after apply)

      + object_lock_configuration (known after apply)

      + replication_configuration (known after apply)

      + server_side_encryption_configuration (known after apply)

      + versioning (known after apply)

      + website (known after apply)
    }

  # aws_s3_bucket_ownership_controls.static will be created
  + resource "aws_s3_bucket_ownership_controls" "static" {
      + bucket = (known after apply)
      + id     = (known after apply)
      + region = "us-east-1"

      + rule {
          + object_ownership = "BucketOwnerPreferred"
        }
    }

  # aws_s3_bucket_policy.static will be created
  + resource "aws_s3_bucket_policy" "static" {
      + bucket = (known after apply)
      + id     = (known after apply)
      + policy = (known after apply)
      + region = "us-east-1"
    }

  # aws_s3_bucket_public_access_block.static will be created
  + resource "aws_s3_bucket_public_access_block" "static" {
      + block_public_acls       = true
      + block_public_policy     = true
      + bucket                  = (known after apply)
      + id                      = (known after apply)
      + ignore_public_acls      = true
      + region                  = "us-east-1"
      + restrict_public_buckets = true
    }

  # aws_s3_bucket_server_side_encryption_configuration.static will be created
  + resource "aws_s3_bucket_server_side_encryption_configuration" "static" {
      + bucket = (known after apply)
      + id     = (known after apply)
      + region = "us-east-1"

      + rule {
          + blocked_encryption_types = []

          + apply_server_side_encryption_by_default {
              + sse_algorithm     = "AES256"
                # (1 unchanged attribute hidden)
            }
        }
    }

  # aws_s3_bucket_versioning.static will be created
  + resource "aws_s3_bucket_versioning" "static" {
      + bucket = (known after apply)
      + id     = (known after apply)
      + region = "us-east-1"

      + versioning_configuration {
          + mfa_delete = (known after apply)
          + status     = "Enabled"
        }
    }

  # aws_s3_object.index will be created
  + resource "aws_s3_object" "index" {
      + acl                    = (known after apply)
      + arn                    = (known after apply)
      + bucket                 = (known after apply)
      + bucket_key_enabled     = (known after apply)
      + checksum_crc32         = (known after apply)
      + checksum_crc32c        = (known after apply)
      + checksum_crc64nvme     = (known after apply)
      + checksum_sha1          = (known after apply)
      + checksum_sha256        = (known after apply)
      + content_type           = "text/html; charset=utf-8"
      + etag                   = "213399fe8a65c815446315920becef93"
      + force_destroy          = false
      + id                     = (known after apply)
      + key                    = "index.html"
      + kms_key_id             = (known after apply)
      + region                 = "us-east-1"
      + server_side_encryption = (known after apply)
      + source                 = "./../static/index.html"
      + storage_class          = (known after apply)
      + tags_all               = {
          + "Environment" = "dev"
          + "ManagedBy"   = "terraform"
          + "Project"     = "url-shortener"
        }
      + version_id             = (known after apply)
    }

Plan: 29 to add, 0 to change, 0 to destroy.

Changes to Outputs:
  + api_invoke_url         = (known after apply)
  + cloudfront_domain_name = (known after apply)
  + dynamodb_table_name    = "URLDB"
  + static_bucket_name     = "url-shortener-dev-static-000000000000"
