{"format_version":"1.2","terraform_version":"1.13.5","variables":{"api_stage_name":{"value":"prod"},"aws_region":{"value":"us-east-1"},"cors_allowed_origins":{"value":["*"]},"environment":{"value":"dev"},"lambda_memory_size":{"value":256},"lambda_runtime":{"value":"python3.12"},"lambda_timeout":{"value":10},"log_retention_days":{"value":14},"project_name":{"value":"url-shortener"},"static_site_bucket_name":{"value":null},"table_name":{"value":"URLDB"},"ttl_attribute":{"value":"ttl"}},"planned_values":{"outputs":{"api_invoke_url":{"sensitive":false},"cloudfront_domain_name":{"sensitive":false},"dynamodb_table_name":{"sensitive":false,"type":"string","value":"URLDB"},"static_bucket_name":{"sensitive":false,"type":"string","value":"url-shortener-dev-static-000000000000"}},"root_module":{"resources":[{"address":"aws_api_gateway_deployment.this","mode":"managed","type":"aws_api_gateway_deployment","name":"this","provider_name":"registry.terraform.io/hashicorp/aws","schema_version":0,"values":{"description":null,"region":"us-east-1","variables":null},"sensitive_values":{"triggers":{}}},{"address":"aws_api_gateway_integration.any_proxy","mode":"managed","type":"aws_api_gateway_integration","name":"any_proxy","provider_name":"registry.terraform.io/hashicorp/aws","schema_version":0,"values":{"cache_key_parameters":null,"connection_id":null,"connection_type":"INTERNET","content_handling":null,"credentials":null,"http_method":"ANY","integration_http_method":"POST","integration_target":null,"region":"us-east-1","request_parameters":null,"request_templates":null,"timeout_milliseconds":29000,"tls_config":[],"type":"AWS_PROXY"},"sensitive_values":{"tls_config":[]}},{"address":"aws_api_gateway_integration.any_root","mode":"managed","type":"aws_api_gateway_integration","name":"any_root","provider_name":"registry.terraform.io/hashicorp/aws","schema_version":0,"values":{"cache_key_parameters":null,"connection_id":null,"connection_type":"INTERNET","content_handling":null,"credentials":null,"http_method":"ANY","integration_http_method":"POST","integration_target":null,"region":"us-east-1","request_parameters":null,"request_templates":null,"timeout_milliseconds":29000,"tls_config":[],"type":"AWS_PROXY"},"sensitive_values":{"tls_config":[]}},{"address":"aws_api_gateway_integration.options_proxy","mode":"managed","type":"aws_api_gateway_integration","name":"options_proxy","provider_name":"registry.terraform.io/hashicorp/aws","schema_version":0,"values":{"cache_key_parameters":null,"connection_id":null,"connection_type":"INTERNET","content_handling":null,"credentials":null,"http_method":"OPTIONS","integration_http_method":null,"integration_target":null,"region":"us-east-1","request_parameters":null,"request_templates":{"application/json":"{\"statusCode\": 200}"},"timeout_milliseconds":29000,"tls_config":[],"type":"MOCK","uri":null},"sensitive_values":{"request_templates":{},"tls_config":[]}},{"address":"aws_api_gateway_integration_response.options_proxy","mode":"managed","type":"aws_api_gateway_integration_response","name":"options_proxy","provider_name":"registry.terraform.io/hashicorp/aws","schema_version":0,"values":{"content_handling":null,"http_method":"OPTIONS","region":"us-east-1","response_parameters":{"method.response.header.Access-Control-Allow-Headers":"'Content-Type,X-Amz-Date,Authorization,X-Api-Key,X-Amz-Security-Token'","method.response.header.Access-Control-Allow-Methods":"'GET,POST,OPTIONS'","method.response.header.Access-Control-Allow-Origin":"'*'"},"response_templates":null,"selection_pattern":null,"status_code":"200"},"sensitive_values":{"response_parameters":{}}},{"address":"aws_api_gateway_method.any_proxy","mode":"managed","type":"aws_api_gateway_method","name":"any_proxy","provider_name":"registry.terraform.io/hashicorp/aws","schema_version":0,"values":{"api_key_required":false,"authorization":"NONE","authorization_scopes":null,"authorizer_id":null,"http_method":"ANY","operation_name":null,"region":"us-east-1","request_models":null,"request_parameters":null,"request_validator_id":null},"sensitive_values":{}},{"address":"aws_api_gateway_method.any_root","mode":"managed","type":"aws_api_gateway_method","name":"any_root","provider_name":"registry.terraform.io/hashicorp/aws","schema_version":0,"values":{"api_key_required":false,"authorization":"NONE","authorization_scopes":null,"authorizer_id":null,"http_method":"ANY","operation_name":null,"region":"us-east-1","request_models":null,"request_parameters":null,"request_validator_id":null},"sensitive_values":{}},{"address":"aws_api_gateway_method.options_proxy","mode":"managed","type":"aws_api_gateway_method","name":"options_proxy","provider_name":"registry.terraform.io/hashicorp/aws","schema_version":0,"values":{"api_key_required":false,"authorization":"NONE","authorization_scopes":null,"authorizer_id":null,"http_method":"OPTIONS","operation_name":null,"region":"us-east-1","request_models":null,"request_parameters":null,"request_validator_id":null},"sensitive_values":{}},{"address":"aws_api_gateway_method_response.options_proxy","mode":"managed","type":"aws_api_gateway_method_response","name":"options_proxy","provider_name":"registry.terraform.io/hashicorp/aws","schema_version":0,"values":{"http_method":"OPTIONS","region":"us-east-1","response_models":null,"response_parameters":{"method.response.header.Access-Control-Allow-Headers":true,"method.response.header.Access-Control-Allow-Methods":true,"method.response.header.Access-Control-Allow-Origin":true},"status_code":"200"},"sensitive_values":{"response_parameters":{}}},{"address":"aws_api_gateway_resource.proxy","mode":"managed","type":"aws_api_gateway_resource","name":"proxy","provider_name":"registry.terraform.io/hashicorp/aws","schema_version":0,"values":{"path_part":"{proxy+}","region":"us-east-1"},"sensitive_values":{}},{"address":"aws_api_gateway_rest_api.this","mode":"managed","type":"aws_api_gateway_rest_api","name":"this","provider_name":"registry.terraform.io/hashicorp/aws","schema_version":0,"values":{"body":null,"endpoint_configuration":[{"types":["REGIONAL"]}],"fail_on_warnings":null,"name":"url-shortener-dev-api","parameters":null,"put_rest_api_mode":null,"region":"us-east-1","tags":null,"tags_all":{"Environment":"dev","ManagedBy":"terraform","Project":"url-shortener"}},"sensitive_values":{"binary_media_types":[],"endpoint_configuration":[{"types":[false],"vpc_endpoint_ids":[]}],"tags_all":{}}},{"address":"aws_api_gateway_stage.this","mode":"managed","type":"aws_api_gateway_stage","name":"this","provider_name":"registry.terraform.io/hashicorp/aws","schema_version":0,"values":{"access_log_settings":[{"format":"{\"httpMethod\":\"$context.httpMethod\",\"ip\":\"$context.identity.sourceIp\",\"path\":\"$context.path\",\"protocol\":\"$context.protocol\",\"requestId\":\"$context.requestId\",\"requestTime\":\"$context.requestTime\",\"responseLength\":\"$context.responseLength\",\"routeKey\":\"$context.routeKey\",\"status\":\"$context.status\",\"userAgent\":\"$context.identity.userAgent\"}"}],"cache_cluster_enabled":null,"cache_cluster_size":null,"canary_settings":[],"client_certificate_id":null,"description":null,"documentation_version":null,"region":"us-east-1","stage_name":"prod","tags":null,"tags_all":{"Environment":"dev","ManagedBy":"terraform","Project":"url-shortener"},"variables":null,"xray_tracing_enabled":false},"sensitive_values":{"access_log_settings":[{}],"canary_settings":[],"tags_all":{}}},{"address":"aws_cloudfront_distribution.static","mode":"managed","type":"aws_cloudfront_distribution","name":"static","provider_name":"registry.terraform.io/hashicorp/aws","schema_version":1,"values":{"aliases":null,"anycast_ip_list_id":null,"comment":"url-shortener-dev static site","connection_function_association":[],"custom_error_response":[],"default_cache_behavior":[{"allowed_methods":["GET","HEAD","OPTIONS"],"cache_policy_id":null,"cached_methods":["GET","HEAD","OPTIONS"],"compress":true,"default_ttl":3600,"field_level_encryption_id":null,"forwarded_values":[{"cookies":[{"forward":"none"}],"query_string":false}],"function_association":[],"lambda_function_association":[],"max_ttl":86400,"min_ttl":0,"origin_request_policy_id":null,"realtime_log_config_arn":null,"response_headers_policy_id":null,"smooth_streaming":null,"target_origin_id":"s3-static","viewer_protocol_policy":"redirect-to-https"}],"default_root_object":"index.html","enabled":true,"http_version":"http2","is_ipv6_enabled":true,"logging_config":[],"ordered_cache_behavior":[],"origin":[{"connection_attempts":3,"connection_timeout":10,"custom_header":[],"custom_origin_config":[],"origin_id":"s3-static","origin_path":"","origin_shield":[],"s3_origin_config":[],"vpc_origin_config":[]}],"origin_group":[],"price_class":"PriceClass_All","restrictions":[{"geo_restriction":[{"restriction_type":"none"}]}],"retain_on_delete":false,"staging":false,"tags":null,"tags_all":{"Environment":"dev","ManagedBy":"terraform","Project":"url-shortener"},"viewer_certificate":[{"acm_certificate_arn":null,"cloudfront_default_certificate":true,"iam_certificate_id":null,"minimum_protocol_version":"TLSv1","ssl_support_method":null}],"viewer_mtls_config":[],"wait_for_deployment":true,"web_acl_id":null},"sensitive_values":{"connection_function_association":[],"custom_error_response":[],"default_cache_behavior":[{"allowed_methods":[false,false,false],"cached_methods":[false,false,false],"forwarded_values":[{"cookies":[{"whitelisted_names":[]}],"headers":[],"query_string_cache_keys":[]}],"function_association":[],"grpc_config":[],"lambda_function_association":[],"trusted_key_groups":[],"trusted_signers":[]}],"logging_config":[],"ordered_cache_behavior":[],"origin":[{"custom_header":[],"custom_origin_config":[],"origin_shield":[],"s3_origin_config":[],"vpc_origin_config":[]}],"origin_group":[],"restrictions":[{"geo_restriction":[{"locations":[]}]}],"tags_all":{},"trusted_key_groups":[],"trusted_signers":[],"viewer_certificate":[{}],"viewer_mtls_config":[]}},{"address":"aws_cloudfront_origin_access_control.oac","mode":"managed","type":"aws_cloudfront_origin_access_control","name":"oac","provider_name":"registry.terraform.io/hashicorp/aws","schema_version":0,"values":{"description":"OAC for static site bucket","name":"url-shortener-dev-oac","origin_access_control_origin_type":"s3","signing_behavior":"always","signing_protocol":"sigv4"},"sensitive_values":{}},{"address":"aws_cloudwatch_log_group.apigw_access","mode":"managed","type":"aws_cloudwatch_log_group","name":"apigw_access","provider_name":"registry.terraform.io/hashicorp/aws","schema_version":0,"values":{"kms_key_id":null,"name":"/aws/apigateway/url-shortener-dev-access","region":"us-east-1","retention_in_days":14,"skip_destroy":false,"tags":null,"tags_all":{"Environment":"dev","ManagedBy":"terraform","Project":"url-shortener"}},"sensitive_values":{"tags_all":{}},"identity_schema_version":0,"identity":{"account_id":null,"name":null,"region":null}},{"address":"aws_cloudwatch_log_group.lambda","mode":"managed","type":"aws_cloudwatch_log_group","name":"lambda","provider_name":"registry.terraform.io/hashicorp/aws","schema_version":0,"values":{"kms_key_id":null,"name":"/aws/lambda/url-shortener-dev","region":"us-east-1","retention_in_days":14,"skip_destroy":false,"tags":null,"tags_all":{"Environment":"dev","ManagedBy":"terraform","Project":"url-shortener"}},"sensitive_values":{"tags_all":{}},"identity_schema_version":0,"identity":{"account_id":null,"name":null,"region":null}},{"address":"aws_dynamodb_table.urldb","mode":"managed","type":"aws_dynamodb_table","name":"urldb","provider_name":"registry.terraform.io/hashicorp/aws","schema_version":1,"values":{"attribute":[{"name":"short_url_id","type":"S"}],"billing_mode":"PAY_PER_REQUEST","deletion_protection_enabled":null,"hash_key":"short_url_id","import_table":[],"local_secondary_index":[],"name":"URLDB","on_demand_throughput":[],"point_in_time_recovery":[{"enabled":true}],"range_key":null,"region":"us-east-1","replica":[],"restore_date_time":null,"restore_source_name":null,"restore_source_table_arn":null,"restore_to_latest_time":null,"stream_enabled":null,"table_class":null,"tags":null,"tags_all":{"Environment":"dev","ManagedBy":"terraform","Project":"url-shortener"},"timeouts":null,"ttl":[{"attribute_name":"ttl","enabled":true}]},"sensitive_values":{"attribute":[{}],"global_secondary_index":[],"global_table_witness":[],"import_table":[],"local_secondary_index":[],"on_demand_throughput":[],"point_in_time_recovery":[{}],"replica":[],"server_side_encryption":[],"tags_all":{},"ttl":[{}],"warm_throughput":[]}},{"address":"aws_iam_role.lambda_exec","mode":"managed","type":"aws_iam_role","name":"lambda_exec","provider_name":"registry.terraform.io/hashicorp/aws","schema_version":0,"values":{"assume_role_policy":"{\"Statement\":[{\"Action\":\"sts:AssumeRole\",\"Effect\":\"Allow\",\"Principal\":{\"Service\":\"lambda.amazonaws.com\"}}],\"Version\":\"2012-10-17\"}","description":null,"force_detach_policies":false,"max_session_duration":3600,"name":"url-shortener-dev-lambda-exec","path":"/","permissions_boundary":null,"tags":null,"tags_all":{"Environment":"dev","ManagedBy":"terraform","Project":"url-shortener"}},"sensitive_values":{"inline_policy":[],"managed_policy_arns":[],"tags_all":{}},"identity_schema_version":0,"identity":{"account_id":null,"name":null}},{"address":"aws_iam_role_policy.lambda_dynamodb","mode":"managed","type":"aws_iam_role_policy","name":"lambda_dynamodb","provider_name":"registry.terraform.io/hashicorp/aws","schema_version":0,"values":{"name":"url-shortener-dev-lambda-ddb"},"sensitive_values":{},"identity_schema_version":0,"identity":{"account_id":null,"name":null,"role":null}},{"address":"aws_iam_role_policy.lambda_logs","mode":"managed","type":"aws_iam_role_policy","name":"lambda_logs","provider_name":"registry.terraform.io/hashicorp/aws","schema_version":0,"values":{"name":"url-shortener-dev-lambda-logs","policy":"{\"Version\":\"2012-10-17\",\"Statement\":[{\"Action\":[\"logs:CreateLogGroup\",\"logs:CreateLogStream\",\"logs:PutLogEvents\"],\"Effect\":\"Allow\",\"Resource\":\"*\"}]}"},"sensitive_values":{},"identity_schema_version":0,"identity":{"account_id":null,"name":null,"role":null}},{"address":"aws_lambda_function.api","mode":"managed","type":"aws_lambda_function","name":"api","provider_name":"registry.terraform.io/hashicorp/aws","schema_version":0,"values":{"capacity_provider_config":[],"code_signing_config_arn":null,"dead_letter_config":[],"description":null,"durable_config":[],"environment":[{"variables":{"TABLE_NAME":"URLDB"}}],"file_system_config":[],"filename":"./build/lambda.zip","function_name":"url-shortener-dev","handler":"lambda.handler","image_config":[],"image_uri":null,"kms_key_arn":null,"layers":null,"memory_size":256,"package_type":"Zip","publish":false,"publish_to":null,"region":"us-east-1","replace_security_groups_on_destroy":null,"replacement_security_group_ids":null,"reserved_concurrent_executions":-1,"runtime":"python3.12","s3_bucket":null,"s3_key":null,"s3_object_version":null,"skip_destroy":false,"snap_start":[],"source_code_hash":"HJVCjf0OPhWLcKje4uNlsP63jYcC9aJJDuu48AgRPH0=","source_kms_key_arn":null,"tags":null,"tags_all":{"Environment":"dev","ManagedBy":"terraform","Project":"url-shortener"},"tenancy_config":[],"timeout":10,"timeouts":null,"vpc_config":[]},"sensitive_values":{"architectures":[],"capacity_provider_config":[],"dead_letter_config":[],"durable_config":[],"environment":[{"variables":{}}],"ephemeral_storage":[],"file_system_config":[],"image_config":[],"logging_config":[],"snap_start":[],"tags_all":{},"tenancy_config":[],"tracing_config":[],"vpc_config":[]},"identity_schema_version":0,"identity":{"account_id":null,"function_name":null,"region":null}},{"address":"aws_lambda_permission.apigw","mode":"managed","type":"aws_lambda_permission","name":"apigw","provider_name":"registry.terraform.io/hashicorp/aws","schema_version":0,"values":{"action":"lambda:InvokeFunction","event_source_token":null,"function_name":"url-shortener-dev","function_url_auth_type":null,"invoked_via_function_url":null,"principal":"apigateway.amazonaws.com","principal_org_id":null,"qualifier":null,"region":"us-east-1","source_account":null,"statement_id":"AllowExecutionFromAPIGateway"},"sensitive_values":{},"identity_schema_version":0,"identity":{"account_id":null,"function_name":null,"qualifier":null,"region":null,"statement_id":null}},{"address":"aws_s3_bucket.static","mode":"managed","type":"aws_s3_bucket","name":"static","provider_name":"registry.terraform.io/hashicorp/aws","schema_version":0,"values":{"bucket":"url-shortener-dev-static-000000000000","force_destroy":true,"region":"us-east-1","tags":null,"tags_all":{"Environment":"dev","ManagedBy":"terraform","Project":"url-shortener"},"timeouts":null},"sensitive_values":{"cors_rule":[],"grant":[],"lifecycle_rule":[],"logging":[],"object_lock_configuration":[],"replication_configuration":[],"server_side_encryption_configuration":[],"tags_all":{},"versioning":[],"website":[]},"identity_schema_version":0,"identity":{"account_id":null,"bucket":null,"region":null}},{"address":"aws_s3_bucket_ownership_controls.static","mode":"managed","type":"aws_s3_bucket_ownership_controls","name":"static","provider_name":"registry.terraform.io/hashicorp/aws","schema_version":0,"values":{"region":"us-east-1","rule":[{"object_ownership":"BucketOwnerPreferred"}]},"sensitive_values":{"rule":[{}]},"identity_schema_version":0,"identity":{"account_id":null,"bucket":null,"region":null}},{"address":"aws_s3_bucket_policy.static","mode":"managed","type":"aws_s3_bucket_policy","name":"static","provider_name":"registry.terraform.io/hashicorp/aws","schema_version":0,"values":{"region":"us-east-1"},"sensitive_values":{},"identity_schema_version":0,"identity":{"account_id":null,"bucket":null,"region":null}},{"address":"aws_s3_bucket_public_access_block.static","mode":"managed","type":"aws_s3_bucket_public_access_block","name":"static","provider_name":"registry.terraform.io/hashicorp/aws","schema_version":0,"values":{"block_public_acls":true,"block_public_policy":true,"ignore_public_acls":true,"region":"us-east-1","restrict_public_buckets":true,"skip_destroy":null},"sensitive_values":{},"identity_schema_version":0,"identity":{"account_id":null,"bucket":null,"region":null}},{"address":"aws_s3_bucket_server_side_encryption_configuration.static","mode":"managed","type":"aws_s3_bucket_server_side_encryption_configuration","name":"static","provider_name":"registry.terraform.io/hashicorp/aws","schema_version":0,"values":{"expected_bucket_owner":null,"region":"us-east-1","rule":[{"apply_server_side_encryption_by_default":[{"kms_master_key_id":"","sse_algorithm":"AES256"}],"blocked_encryption_types":[],"bucket_key_enabled":null}]},"sensitive_values":{"rule":[{"apply_server_side_encryption_by_default":[{}],"blocked_encryption_types":[]}]},"identity_schema_version":0,"identity":{"account_id":null,"bucket":null,"expected_bucket_owner":null,"region":null}},{"address":"aws_s3_bucket_versioning.static","mode":"managed","type":"aws_s3_bucket_versioning","name":"static","provider_name":"registry.terraform.io/hashicorp/aws","schema_version":0,"values":{"expected_bucket_owner":null,"mfa":null,"region":"us-east-1","versioning_configuration":[{"status":"Enabled"}]},"sensitive_values":{"versioning_configuration":[{}]},"identity_schema_version":0,"identity":{"account_id":null,"bucket":null,"expected_bucket_owner":null,"region":null}},{"address":"aws_s3_object.index","mode":"managed","type":"aws_s3_object","name":"index","provider_name":"registry.terraform.io/hashicorp/aws","schema_version":0,"values":{"cache_control":null,"checksum_algorithm":null,"content":null,"content_base64":null,"content_disposition":null,"content_encoding":null,"content_language":null,"content_type":"text/html; charset=utf-8","etag":"213399fe8a65c815446315920becef93","force_destroy":false,"key":"index.html","metadata":null,"object_lock_legal_hold_status":null,"object_lock_mode":null,"object_lock_retain_until_date":null,"override_provider":[],"region":"us-east-1","source":"./../static/index.html","source_hash":null,"tags":null,"tags_all":{"Environment":"dev","ManagedBy":"terraform","Project":"url-shortener"},"website_redirect":null},"sensitive_values":{"override_provider":[],"tags_all":{}},"identity_schema_version":0,"identity":{"account_id":null,"bucket":null,"key":null,"region":null}}]}},"resource_changes":[{"address":"aws_api_gateway_deployment.this","mode":"managed","type":"aws_api_gateway_deployment","name":"this","provider_name":"registry.terraform.io/hashicorp/aws","change":{"actions":["create"],"before":null,"after":{"description":null,"region":"us-east-1","variables":null},"after_unknown":{"created_date":true,"id":true,"rest_api_id":true,"triggers":true},"before_sensitive":false,"after_sensitive":{"triggers":{}}}},{"address":"aws_api_gateway_integration.any_proxy","mode":"managed","type":"aws_api_gateway_integration","name":"any_proxy","provider_name":"registry.terraform.io/hashicorp/aws","change":{"actions":["create"],"before":null,"after":{"cache_key_parameters":null,"connection_id":null,"connection_type":"INTERNET","content_handling":null,"credentials":null,"http_method":"ANY","integration_http_method":"POST","integration_target":null,"region":"us-east-1","request_parameters":null,"request_templates":null,"timeout_milliseconds":29000,"tls_config":[],"type":"AWS_PROXY"},"after_unknown":{"cache_namespace":true,"id":true,"passthrough_behavior":true,"resource_id":true,"response_transfer_mode":true,"rest_api_id":true,"tls_config":[],"uri":true},"before_sensitive":false,"after_sensitive":{"tls_config":[]}}},{"address":"aws_api_gateway_integration.any_root","mode":"managed","type":"aws_api_gateway_integration","name":"any_root","provider_name":"registry.terraform.io/hashicorp/aws","change":{"actions":["create"],"before":null,"after":{"cache_key_parameters":null,"connection_id":null,"connection_type":"INTERNET","content_handling":null,"credentials":null,"http_method":"ANY","integration_http_method":"POST","integration_target":null,"region":"us-east-1","request_parameters":null,"request_templates":null,"timeout_milliseconds":29000,"tls_config":[],"type":"AWS_PROXY"},"after_unknown":{"cache_namespace":true,"id":true,"passthrough_behavior":true,"resource_id":true,"response_transfer_mode":true,"rest_api_id":true,"tls_config":[],"uri":true},"before_sensitive":false,"after_sensitive":{"tls_config":[]}}},{"address":"aws_api_gateway_integration.options_proxy","mode":"managed","type":"aws_api_gateway_integration","name":"options_proxy","provider_name":"registry.terraform.io/hashicorp/aws","change":{"actions":["create"],"before":null,"after":{"cache_key_parameters":null,"connection_id":null,"connection_type":"INTERNET","content_handling":null,"credentials":null,"http_method":"OPTIONS","integration_http_method":null,"integration_target":null,"region":"us-east-1","request_parameters":null,"request_templates":{"application/json":"{\"statusCode\": 200}"},"timeout_milliseconds":29000,"tls_config":[],"type":"MOCK","uri":null},"after_unknown":{"cache_namespace":true,"id":true,"passthrough_behavior":true,"request_templates":{},"resource_id":true,"response_transfer_mode":true,"rest_api_id":true,"tls_config":[]},"before_sensitive":false,"after_sensitive":{"request_templates":{},"tls_config":[]}}},{"address":"aws_api_gateway_integration_response.options_proxy","mode":"managed","type":"aws_api_gateway_integration_response","name":"options_proxy","provider_name":"registry.terraform.io/hashicorp/aws","change":{"actions":["create"],"before":null,"after":{"content_handling":null,"http_method":"OPTIONS","region":"us-east-1","response_parameters":{"method.response.header.Access-Control-Allow-Headers":"'Content-Type,X-Amz-Date,Authorization,X-Api-Key,X-Amz-Security-Token'","method.response.header.Access-Control-Allow-Methods":"'GET,POST,OPTIONS'","method.response.header.Access-Control-Allow-Origin":"'*'"},"response_templates":null,"selection_pattern":null,"status_code":"200"},"after_unknown":{"id":true,"resource_id":true,"response_parameters":{},"rest_api_id":true},"before_sensitive":false,"after_sensitive":{"response_parameters":{}}}},{"address":"aws_api_gateway_method.any_proxy","mode":"managed","type":"aws_api_gateway_method","name":"any_proxy","provider_name":"registry.terraform.io/hashicorp/aws","change":{"actions":["create"],"before":null,"after":{"api_key_required":false,"authorization":"NONE","authorization_scopes":null,"authorizer_id":null,"http_method":"ANY","operation_name":null,"region":"us-east-1","request_models":null,"request_parameters":null,"request_validator_id":null},"after_unknown":{"id":true,"resource_id":true,"rest_api_id":true},"before_sensitive":false,"after_sensitive":{}}},{"address":"aws_api_gateway_method.any_root","mode":"managed","type":"aws_api_gateway_method","name":"any_root","provider_name":"registry.terraform.io/hashicorp/aws","change":{"actions":["create"],"before":null,"after":{"api_key_required":false,"authorization":"NONE","authorization_scopes":null,"authorizer_id":null,"http_method":"ANY","operation_name":null,"region":"us-east-1","request_models":null,"request_parameters":null,"request_validator_id":null},"after_unknown":{"id":true,"resource_id":true,"rest_api_id":true},"before_sensitive":false,"after_sensitive":{}}},{"address":"aws_api_gateway_method.options_proxy","mode":"managed","type":"aws_api_gateway_method","name":"options_proxy","provider_name":"registry.terraform.io/hashicorp/aws","change":{"actions":["create"],"before":null,"after":{"api_key_required":false,"authorization":"NONE","authorization_scopes":null,"authorizer_id":null,"http_method":"OPTIONS","operation_name":null,"region":"us-east-1","request_models":null,"request_parameters":null,"request_validator_id":null},"after_unknown":{"id":true,"resource_id":true,"rest_api_id":true},"before_sensitive":false,"after_sensitive":{}}},{"address":"aws_api_gateway_method_response.options_proxy","mode":"managed","type":"aws_api_gateway_method_response","name":"options_proxy","provider_name":"registry.terraform.io/hashicorp/aws","change":{"actions":["create"],"before":null,"after":{"http_method":"OPTIONS","region":"us-east-1","response_models":null,"response_parameters":{"method.response.header.Access-Control-Allow-Headers":true,"method.response.header.Access-Control-Allow-Methods":true,"method.response.header.Access-Control-Allow-Origin":true},"status_code":"200"},"after_unknown":{"id":true,"resource_id":true,"response_parameters":{},"rest_api_id":true},"before_sensitive":false,"after_sensitive":{"response_parameters":{}}}},{"address":"aws_api_gateway_resource.proxy","mode":"managed","type":"aws_api_gateway_resource","name":"proxy","provider_name":"registry.terraform.io/hashicorp/aws","change":{"actions":["create"],"before":null,"after":{"path_part":"{proxy+}","region":"us-east-1"},"after_unknown":{"id":true,"parent_id":true,"path":true,"rest_api_id":true},"before_sensitive":false,"after_sensitive":{}}},{"address":"aws_api_gateway_rest_api.this","mode":"managed","type":"aws_api_gateway_rest_api","name":"this","provider_name":"registry.terraform.io/hashicorp/aws","change":{"actions":["create"],"before":null,"after":{"body":null,"endpoint_configuration":[{"types":["REGIONAL"]}],"fail_on_warnings":null,"name":"url-shortener-dev-api","parameters":null,"put_rest_api_mode":null,"region":"us-east-1","tags":null,"tags_all":{"Environment":"dev","ManagedBy":"terraform","Project":"url-shortener"}},"after_unknown":{"api_key_source":true,"arn":true,"binary_media_types":true,"created_date":true,"description":true,"disable_execute_api_endpoint":true,"endpoint_configuration":[{"ip_address_type":true,"types":[false],"vpc_endpoint_ids":true}],"execution_arn":true,"id":true,"minimum_compression_size":true,"policy":true,"root_resource_id":true,"tags_all":{}},"before_sensitive":false,"after_sensitive":{"binary_media_types":[],"endpoint_configuration":[{"types":[false],"vpc_endpoint_ids":[]}],"tags_all":{}}}},{"address":"aws_api_gateway_stage.this","mode":"managed","type":"aws_api_gateway_stage","name":"this","provider_name":"registry.terraform.io/hashicorp/aws","change":{"actions":["create"],"before":null,"after":{"access_log_settings":[{"format":"{\"httpMethod\":\"$context.httpMethod\",\"ip\":\"$context.identity.sourceIp\",\"path\":\"$context.path\",\"protocol\":\"$context.protocol\",\"requestId\":\"$context.requestId\",\"requestTime\":\"$context.requestTime\",\"responseLength\":\"$context.responseLength\",\"routeKey\":\"$context.routeKey\",\"status\":\"$context.status\",\"userAgent\":\"$context.identity.userAgent\"}"}],"cache_cluster_enabled":null,"cache_cluster_size":null,"canary_settings":[],"client_certificate_id":null,"description":null,"documentation_version":null,"region":"us-east-1","stage_name":"prod","tags":null,"tags_all":{"Environment":"dev","ManagedBy":"terraform","Project":"url-shortener"},"variables":null,"xray_tracing_enabled":false},"after_unknown":{"access_log_settings":[{"destination_arn":true}],"arn":true,"canary_settings":[],"deployment_id":true,"execution_arn":true,"id":true,"invoke_url":true,"rest_api_id":true,"tags_all":{},"web_acl_arn":true},"before_sensitive":false,"after_sensitive":{"access_log_settings":[{}],"canary_settings":[],"tags_all":{}}}},{"address":"aws_cloudfront_distribution.static","mode":"managed","type":"aws_cloudfront_distribution","name":"static","provider_name":"registry.terraform.io/hashicorp/aws","change":{"actions":["create"],"before":null,"after":{"aliases":null,"anycast_ip_list_id":null,"comment":"url-shortener-dev static site","connection_function_association":[],"custom_error_response":[],"default_cache_behavior":[{"allowed_methods":["GET","HEAD","OPTIONS"],"cache_policy_id":null,"cached_methods":["GET","HEAD","OPTIONS"],"compress":true,"default_ttl":3600,"field_level_encryption_id":null,"forwarded_values":[{"cookies":[{"forward":"none"}],"query_string":false}],"function_association":[],"lambda_function_association":[],"max_ttl":86400,"min_ttl":0,"origin_request_policy_id":null,"realtime_log_config_arn":null,"response_headers_policy_id":null,"smooth_streaming":null,"target_origin_id":"s3-static","viewer_protocol_policy":"redirect-to-https"}],"default_root_object":"index.html","enabled":true,"http_version":"http2","is_ipv6_enabled":true,"logging_config":[],"ordered_cache_behavior":[],"origin":[{"connection_attempts":3,"connection_timeout":10,"custom_header":[],"custom_origin_config":[],"origin_id":"s3-static","origin_path":"","origin_shield":[],"s3_origin_config":[],"vpc_origin_config":[]}],"origin_group":[],"price_class":"PriceClass_All","restrictions":[{"geo_restriction":[{"restriction_type":"none"}]}],"retain_on_delete":false,"staging":false,"tags":null,"tags_all":{"Environment":"dev","ManagedBy":"terraform","Project":"url-shortener"},"viewer_certificate":[{"acm_certificate_arn":null,"cloudfront_default_certificate":true,"iam_certificate_id":null,"minimum_protocol_version":"TLSv1","ssl_support_method":null}],"viewer_mtls_config":[],"wait_for_deployment":true,"web_acl_id":null},"after_unknown":{"arn":true,"caller_reference":true,"connection_function_association":[],"continuous_deployment_policy_id":true,"custom_error_response":[],"default_cache_behavior":[{"allowed_methods":[false,false,false],"cached_methods":[false,false,false],"forwarded_values":[{"cookies":[{"whitelisted_names":true}],"headers":true,"query_string_cache_keys":true}],"function_association":[],"grpc_config":true,"lambda_function_association":[],"trusted_key_groups":true,"trusted_signers":true}],"domain_name":true,"etag":true,"hosted_zone_id":true,"id":true,"in_progress_validation_batches":true,"last_modified_time":true,"logging_config":[],"logging_v1_enabled":true,"ordered_cache_behavior":[],"origin":[{"custom_header":[],"custom_origin_config":[],"domain_name":true,"origin_access_control_id":true,"origin_shield":[],"response_completion_timeout":true,"s3_origin_config":[],"vpc_origin_config":[]}],"origin_group":[],"restrictions":[{"geo_restriction":[{"locations":true}]}],"status":true,"tags_all":{},"trusted_key_groups":true,"trusted_signers":true,"viewer_certificate":[{}],"viewer_mtls_config":[]},"before_sensitive":false,"after_sensitive":{"connection_function_association":[],"custom_error_response":[],"default_cache_behavior":[{"allowed_methods":[false,false,false],"cached_methods":[false,false,false],"forwarded_values":[{"cookies":[{"whitelisted_names":[]}],"headers":[],"query_string_cache_keys":[]}],"function_association":[],"grpc_config":[],"lambda_function_association":[],"trusted_key_groups":[],"trusted_signers":[]}],"logging_config":[],"ordered_cache_behavior":[],"origin":[{"custom_header":[],"custom_origin_config":[],"origin_shield":[],"s3_origin_config":[],"vpc_origin_config":[]}],"origin_group":[],"restrictions":[{"geo_restriction":[{"locations":[]}]}],"tags_all":{},"trusted_key_groups":[],"trusted_signers":[],"viewer_certificate":[{}],"viewer_mtls_config":[]}}},{"address":"aws_cloudfront_origin_access_control.oac","mode":"managed","type":"aws_cloudfront_origin_access_control","name":"oac","provider_name":"registry.terraform.io/hashicorp/aws","change":{"actions":["create"],"before":null,"after":{"description":"OAC for static site bucket","name":"url-shortener-dev-oac","origin_access_control_origin_type":"s3","signing_behavior":"always","signing_protocol":"sigv4"},"after_unknown":{"arn":true,"etag":true,"id":true},"before_sensitive":false,"after_sensitive":{}}},{"address":"aws_cloudwatch_log_group.apigw_access","mode":"managed","type":"aws_cloudwatch_log_group","name":"apigw_access","provider_name":"registry.terraform.io/hashicorp/aws","change":{"actions":["create"],"before":null,"after":{"kms_key_id":null,"name":"/aws/apigateway/url-shortener-dev-access","region":"us-east-1","retention_in_days":14,"skip_destroy":false,"tags":null,"tags_all":{"Environment":"dev","ManagedBy":"terraform","Project":"url-shortener"}},"after_unknown":{"arn":true,"deletion_protection_enabled":true,"id":true,"log_group_class":true,"name_prefix":true,"tags_all":{}},"before_sensitive":false,"after_sensitive":{"tags_all":{}},"after_identity":{"account_id":null,"name":null,"region":null}}},{"address":"aws_cloudwatch_log_group.lambda","mode":"managed","type":"aws_cloudwatch_log_group","name":"lambda","provider_name":"registry.terraform.io/hashicorp/aws","change":{"actions":["create"],"before":null,"after":{"kms_key_id":null,"name":"/aws/lambda/url-shortener-dev","region":"us-east-1","retention_in_days":14,"skip_destroy":false,"tags":null,"tags_all":{"Environment":"dev","ManagedBy":"terraform","Project":"url-shortener"}},"after_unknown":{"arn":true,"deletion_protection_enabled":true,"id":true,"log_group_class":true,"name_prefix":true,"tags_all":{}},"before_sensitive":false,"after_sensitive":{"tags_all":{}},"after_identity":{"account_id":null,"name":null,"region":null}}},{"address":"aws_dynamodb_table.urldb","mode":"managed","type":"aws_dynamodb_table","name":"urldb","provider_name":"registry.terraform.io/hashicorp/aws","change":{"actions":["create"],"before":null,"after":{"attribute":[{"name":"short_url_id","type":"S"}],"billing_mode":"PAY_PER_REQUEST","deletion_protection_enabled":null,"hash_key":"short_url_id","import_table":[],"local_secondary_index":[],"name":"URLDB","on_demand_throughput":[],"point_in_time_recovery":[{"enabled":true}],"range_key":null,"region":"us-east-1","replica":[],"restore_date_time":null,"restore_source_name":null,"restore_source_table_arn":null,"restore_to_latest_time":null,"stream_enabled":null,"table_class":null,"tags":null,"tags_all":{"Environment":"dev","ManagedBy":"terraform","Project":"url-shortener"},"timeouts":null,"ttl":[{"attribute_name":"ttl","enabled":true}]},"after_unknown":{"arn":true,"attribute":[{}],"global_secondary_index":true,"global_table_witness":true,"id":true,"import_table":[],"local_secondary_index":[],"on_demand_throughput":[],"point_in_time_recovery":[{"recovery_period_in_days":true}],"read_capacity":true,"replica":[],"server_side_encryption":true,"stream_arn":true,"stream_label":true,"stream_view_type":true,"tags_all":{},"ttl":[{}],"warm_throughput":true,"write_capacity":true},"before_sensitive":false,"after_sensitive":{"attribute":[{}],"global_secondary_index":[],"global_table_witness":[],"import_table":[],"local_secondary_index":[],"on_demand_throughput":[],"point_in_time_recovery":[{}],"replica":[],"server_side_encryption":[],"tags_all":{},"ttl":[{}],"warm_throughput":[]}}},{"address":"aws_iam_role.lambda_exec","mode":"managed","type":"aws_iam_role","name":"lambda_exec","provider_name":"registry.terraform.io/hashicorp/aws","change":{"actions":["create"],"before":null,"after":{"assume_role_policy":"{\"Statement\":[{\"Action\":\"sts:AssumeRole\",\"Effect\":\"Allow\",\"Principal\":{\"Service\":\"lambda.amazonaws.com\"}}],\"Version\":\"2012-10-17\"}","description":null,"force_detach_policies":false,"max_session_duration":3600,"name":"url-shortener-dev-lambda-exec","path":"/","permissions_boundary":null,"tags":null,"tags_all":{"Environment":"dev","ManagedBy":"terraform","Project":"url-shortener"}},"after_unknown":{"arn":true,"create_date":true,"id":true,"inline_policy":true,"managed_policy_arns":true,"name_prefix":true,"tags_all":{},"unique_id":true},"before_sensitive":false,"after_sensitive":{"inline_policy":[],"managed_policy_arns":[],"tags_all":{}},"after_identity":{"account_id":null,"name":null}}},{"address":"aws_iam_role_policy.lambda_dynamodb","mode":"managed","type":"aws_iam_role_policy","name":"lambda_dynamodb","provider_name":"registry.terraform.io/hashicorp/aws","change":{"actions":["create"],"before":null,"after":{"name":"url-shortener-dev-lambda-ddb"},"after_unknown":{"id":true,"name_prefix":true,"policy":true,"role":true},"before_sensitive":false,"after_sensitive":{},"after_identity":{"account_id":null,"name":null,"role":null}}},{"address":"aws_iam_role_policy.lambda_logs","mode":"managed","type":"aws_iam_role_policy","name":"lambda_logs","provider_name":"registry.terraform.io/hashicorp/aws","change":{"actions":["create"],"before":null,"after":{"name":"url-shortener-dev-lambda-logs","policy":"{\"Version\":\"2012-10-17\",\"Statement\":[{\"Action\":[\"logs:CreateLogGroup\",\"logs:CreateLogStream\",\"logs:PutLogEvents\"],\"Effect\":\"Allow\",\"Resource\":\"*\"}]}"},"after_unknown":{"id":true,"name_prefix":true,"role":true},"before_sensitive":false,"after_sensitive":{},"after_identity":{"account_id":null,"name":null,"role":null}}},{"address":"aws_lambda_function.api","mode":"managed","type":"aws_lambda_function","name":"api","provider_name":"registry.terraform.io/hashicorp/aws","change":{"actions":["create"],"before":null,"after":{"capacity_provider_config":[],"code_signing_config_arn":null,"dead_letter_config":[],"description":null,"durable_config":[],"environment":[{"variables":{"TABLE_NAME":"URLDB"}}],"file_system_config":[],"filename":"./build/lambda.zip","function_name":"url-shortener-dev","handler":"lambda.handler","image_config":[],"image_uri":null,"kms_key_arn":null,"layers":null,"memory_size":256,"package_type":"Zip","publish":false,"publish_to":null,"region":"us-east-1","replace_security_groups_on_destroy":null,"replacement_security_group_ids":null,"reserved_concurrent_executions":-1,"runtime":"python3.12","s3_bucket":null,"s3_key":null,"s3_object_version":null,"skip_destroy":false,"snap_start":[],"source_code_hash":"HJVCjf0OPhWLcKje4uNlsP63jYcC9aJJDuu48AgRPH0=","source_kms_key_arn":null,"tags":null,"tags_all":{"Environment":"dev","ManagedBy":"terraform","Project":"url-shortener"},"tenancy_config":[],"timeout":10,"timeouts":null,"vpc_config":[]},"after_unknown":{"architectures":true,"arn":true,"capacity_provider_config":[],"code_sha256":true,"dead_letter_config":[],"durable_config":[],"environment":[{"variables":{}}],"ephemeral_storage":true,"file_system_config":[],"id":true,"image_config":[],"invoke_arn":true,"last_modified":true,"logging_config":true,"qualified_arn":true,"qualified_invoke_arn":true,"response_streaming_invoke_arn":true,"role":true,"signing_job_arn":true,"signing_profile_version_arn":true,"snap_start":[],"source_code_size":true,"tags_all":{},"tenancy_config":[],"tracing_config":true,"version":true,"vpc_config":[]},"before_sensitive":false,"after_sensitive":{"architectures":[],"capacity_provider_config":[],"dead_letter_config":[],"durable_config":[],"environment":[{"variables":{}}],"ephemeral_storage":[],"file_system_config":[],"image_config":[],"logging_config":[],"snap_start":[],"tags_all":{},"tenancy_config":[],"tracing_config":[],"vpc_config":[]},"after_identity":{"account_id":null,"function_name":null,"region":null}}},{"address":"aws_lambda_permission.apigw","mode":"managed","type":"aws_lambda_permission","name":"apigw","provider_name":"registry.terraform.io/hashicorp/aws","change":{"actions":["create"],"before":null,"after":{"action":"lambda:InvokeFunction","event_source_token":null,"function_name":"url-shortener-dev","function_url_auth_type":null,"invoked_via_function_url":null,"principal":"apigateway.amazonaws.com","principal_org_id":null,"qualifier":null,"region":"us-east-1","source_account":null,"statement_id":"AllowExecutionFromAPIGateway"},"after_unknown":{"id":true,"source_arn":true,"statement_id_prefix":true},"before_sensitive":false,"after_sensitive":{},"after_identity":{"account_id":null,"function_name":null,"qualifier":null,"region":null,"statement_id":null}}},{"address":"aws_s3_bucket.static","mode":"managed","type":"aws_s3_bucket","name":"static","provider_name":"registry.terraform.io/hashicorp/aws","change":{"actions":["create"],"before":null,"after":{"bucket":"url-shortener-dev-static-000000000000","force_destroy":true,"region":"us-east-1","tags":null,"tags_all":{"Environment":"dev","ManagedBy":"terraform","Project":"url-shortener"},"timeouts":null},"after_unknown":{"acceleration_status":true,"acl":true,"arn":true,"bucket_domain_name":true,"bucket_prefix":true,"bucket_region":true,"bucket_regional_domain_name":true,"cors_rule":true,"grant":true,"hosted_zone_id":true,"id":true,"lifecycle_rule":true,"logging":true,"object_lock_configuration":true,"object_lock_enabled":true,"policy":true,"replication_configuration":true,"request_payer":true,"server_side_encryption_configuration":true,"tags_all":{},"versioning":true,"website":true,"website_domain":true,"website_endpoint":true},"before_sensitive":false,"after_sensitive":{"cors_rule":[],"grant":[],"lifecycle_rule":[],"logging":[],"object_lock_configuration":[],"replication_configuration":[],"server_side_encryption_configuration":[],"tags_all":{},"versioning":[],"website":[]},"after_identity":{"account_id":null,"bucket":null,"region":null}}},{"address":"aws_s3_bucket_ownership_controls.static","mode":"managed","type":"aws_s3_bucket_ownership_controls","name":"static","provider_name":"registry.terraform.io/hashicorp/aws","change":{"actions":["create"],"before":null,"after":{"region":"us-east-1","rule":[{"object_ownership":"BucketOwnerPreferred"}]},"after_unknown":{"bucket":true,"id":true,"rule":[{}]},"before_sensitive":false,"after_sensitive":{"rule":[{}]},"after_identity":{"account_id":null,"bucket":null,"region":null}}},{"address":"aws_s3_bucket_policy.static","mode":"managed","type":"aws_s3_bucket_policy","name":"static","provider_name":"registry.terraform.io/hashicorp/aws","change":{"actions":["create"],"before":null,"after":{"region":"us-east-1"},"after_unknown":{"bucket":true,"id":true,"policy":true},"before_sensitive":false,"after_sensitive":{},"after_identity":{"account_id":null,"bucket":null,"region":null}}},{"address":"aws_s3_bucket_public_access_block.static","mode":"managed","type":"aws_s3_bucket_public_access_block","name":"static","provider_name":"registry.terraform.io/hashicorp/aws","change":{"actions":["create"],"before":null,"after":{"block_public_acls":true,"block_public_policy":true,"ignore_public_acls":true,"region":"us-east-1","restrict_public_buckets":true,"skip_destroy":null},"after_unknown":{"bucket":true,"id":true},"before_sensitive":false,"after_sensitive":{},"after_identity":{"account_id":null,"bucket":null,"region":null}}},{"address":"aws_s3_bucket_server_side_encryption_configuration.static","mode":"managed","type":"aws_s3_bucket_server_side_encryption_configuration","name":"static","provider_name":"registry.terraform.io/hashicorp/aws","change":{"actions":["create"],"before":null,"after":{"expected_bucket_owner":null,"region":"us-east-1","rule":[{"apply_server_side_encryption_by_default":[{"kms_master_key_id":"","sse_algorithm":"AES256"}],"blocked_encryption_types":[],"bucket_key_enabled":null}]},"after_unknown":{"bucket":true,"id":true,"rule":[{"apply_server_side_encryption_by_default":[{}],"blocked_encryption_types":[]}]},"before_sensitive":false,"after_sensitive":{"rule":[{"apply_server_side_encryption_by_default":[{}],"blocked_encryption_types":[]}]},"after_identity":{"account_id":null,"bucket":null,"expected_bucket_owner":null,"region":null}}},{"address":"aws_s3_bucket_versioning.static","mode":"managed","type":"aws_s3_bucket_versioning","name":"static","provider_name":"registry.terraform.io/hashicorp/aws","change":{"actions":["create"],"before":null,"after":{"expected_bucket_owner":null,"mfa":null,"region":"us-east-1","versioning_configuration":[{"status":"Enabled"}]},"after_unknown":{"bucket":true,"id":true,"versioning_configuration":[{"mfa_delete":true}]},"before_sensitive":false,"after_sensitive":{"versioning_configuration":[{}]},"after_identity":{"account_id":null,"bucket":null,"expected_bucket_owner":null,"region":null}}},{"address":"aws_s3_object.index","mode":"managed","type":"aws_s3_object","name":"index","provider_name":"registry.terraform.io/hashicorp/aws","change":{"actions":["create"],"before":null,"after":{"cache_control":null,"checksum_algorithm":null,"content":null,"content_base64":null,"content_disposition":null,"content_encoding":null,"content_language":null,"content_type":"text/html; charset=utf-8","etag":"213399fe8a65c815446315920becef93","force_destroy":false,"key":"index.html","metadata":null,"object_lock_legal_hold_status":null,"object_lock_mode":null,"object_lock_retain_until_date":null,"override_provider":[],"region":"us-east-1","source":"./../static/index.html","source_hash":null,"tags":null,"tags_all":{"Environment":"dev","ManagedBy":"terraform","Project":"url-shortener"},"website_redirect":null},"after_unknown":{"acl":true,"arn":true,"bucket":true,"bucket_key_enabled":true,"checksum_crc32":true,"checksum_crc32c":true,"checksum_crc64nvme":true,"checksum_sha1":true,"checksum_sha256":true,"id":true,"kms_key_id":true,"override_provider":[],"server_side_encryption":true,"storage_class":true,"tags_all":{},"version_id":true},"before_sensitive":false,"after_sensitive":{"override_provider":[],"tags_all":{}},"after_identity":{"account_id":null,"bucket":null,"key":null,"region":null}}}],"output_changes":{"api_invoke_url":{"actions":["create"],"before":null,"after_unknown":true,"before_sensitive":false,"after_sensitive":false},"cloudfront_domain_name":{"actions":["create"],"before":null,"after_unknown":true,"before_sensitive":false,"after_sensitive":false},"dynamodb_table_name":{"actions":["create"],"before":null,"after":"URLDB","after_unknown":false,"before_sensitive":false,"after_sensitive":false},"static_bucket_name":{"actions":["create"],"before":null,"after":"url-shortener-dev-static-000000000000","after_unknown":false,"before_sensitive":false,"after_sensitive":false}},"prior_state":{"format_version":"1.0","terraform_version":"1.13.5","values":{"outputs":{"dynamodb_table_name":{"sensitive":false,"value":"URLDB","type":"string"},"static_bucket_name":{"sensitive":false,"value":"url-shortener-dev-static-000000000000","type":"string"}},"root_module":{"resources":[{"address":"data.archive_file.lambda_dummy","mode":"data","type":"archive_file","name":"lambda_dummy","provider_name":"registry.terraform.io/hashicorp/archive","schema_version":0,"values":{"exclude_symlink_directories":null,"excludes":null,"id":"58e93fade67637870be5af38eff8d5aa66c7da49","output_base64sha256":"wmbalFzzY/wG3ivChKElOZB3+B4gptmQyIat05p+fU4=","output_base64sha512":"BQYAg1LwEY4tDmry1VoRx6StX0vjH+7LpfB5KAZLVvfJQjioPbBv1QxI6QF6P2U614fU3h9XKBCb9z5Y1ornqA==","output_file_mode":null,"output_md5":"a0dbd832a6a977d6d5b28ea5c85e30fb","output_path":"./.dummy/lambda.zip","output_sha":"58e93fade67637870be5af38eff8d5aa66c7da49","output_sha256":"c266da945cf363fc06de2bc284a125399077f81e20a6d990c886add39a7e7d4e","output_sha512":"0506008352f0118e2d0e6af2d55a11c7a4ad5f4be31feecba5f07928064b56f7c94238a83db06fd50c48e9017a3f653ad787d4de1f5728109bf73e58d68ae7a8","output_size":246,"source":[{"content":"exports.handler = async (event) =\u003e {\n  console.log(\"Dummy lambda invoked\");\n  return { statusCode: 200, body: \"dummy\" };\n};\n","filename":"index.js"}],"source_content":null,"source_content_filename":null,"source_dir":null,"source_file":null,"type":"zip"},"sensitive_values":{"source":[{}]}},{"address":"data.archive_file.lambda_zip","mode":"data","type":"archive_file","name":"lambda_zip","provider_name":"registry.terraform.io/hashicorp/archive","schema_version":0,"values":{"exclude_symlink_directories":null,"excludes":null,"id":"235776908bc89e8fe76b6ca0d5e4a14004c83644","output_base64sha256":"HJVCjf0OPhWLcKje4uNlsP63jYcC9aJJDuu48AgRPH0=","output_base64sha512":"8aA43SpDh7TFXoCvaSzjxgpNnPWydV0GquxIP1pI39WN3ue85GQHOeNVCuXHLeLPNxPOa7/WuCiVbFnpDvKCnA==","output_file_mode":null,"output_md5":"c538aece4a0294521a96e26f5672b3a5","output_path":"./build/lambda.zip","output_sha":"235776908bc89e8fe76b6ca0d5e4a14004c83644","output_sha256":"1c95428dfd0e3e158b70a8dee2e365b0feb78d8702f5a2490eebb8f008113c7d","output_sha512":"f1a038dd2a4387b4c55e80af692ce3c60a4d9cf5b2755d06aaec483f5a48dfd58ddee7bce4640739e3550ae5c72de2cf3713ce6bbfd6b828956c59e90ef2829c","output_size":752,"source":[],"source_content":null,"source_content_filename":null,"source_dir":null,"source_file":"./../lambda.py","type":"zip"},"sensitive_values":{"source":[]}},{"address":"data.aws_caller_identity.current","mode":"data","type":"aws_caller_identity","name":"current","provider_name":"registry.terraform.io/hashicorp/aws","schema_version":0,"values":{"account_id":"000000000000","arn":"arn:aws:iam::000000000000:root","id":"000000000000","user_id":"AKIAIOSFODNN7EXAMPLE"},"sensitive_values":{}},{"address":"data.aws_partition.current","mode":"data","type":"aws_partition","name":"current","provider_name":"registry.terraform.io/hashicorp/aws","schema_version":0,"values":{"dns_suffix":"amazonaws.com","id":"aws","partition":"aws","reverse_dns_prefix":"com.amazonaws"},"sensitive_values":{}},{"address":"data.aws_region.current","mode":"data","type":"aws_region","name":"current","provider_name":"registry.terraform.io/hashicorp/aws","schema_version":0,"values":{"description":"US East (N. Virginia)","endpoint":"ec2.us-east-1.amazonaws.com","id":"us-east-1","name":"us-east-1","region":"us-east-1"},"sensitive_values":{}}]}}},"configuration":{"provider_config":{"archive":{"name":"archive","full_name":"registry.terraform.io/hashicorp/archive","version_constraint":"\u003e= 2.4.0"},"aws":{"name":"aws","full_name":"registry.terraform.io/hashicorp/aws","version_constraint":"\u003e= 5.0.0","expressions":{"default_tags":[{"tags":{"references":["var.project_name","var.environment"]}}],"region":{"references":["var.aws_region"]}}}},"root_module":{"outputs":{"api_invoke_url":{"expression":{"references":["aws_api_gateway_stage.this.invoke_url","aws_api_gateway_stage.this"]},"description":"Base invoke URL for the deployed API stage."},"cloudfront_domain_name":{"expression":{"references":["aws_cloudfront_distribution.static.domain_name","aws_cloudfront_distribution.static"]},"description":"CloudFront distribution domain name for the static site."},"dynamodb_table_name":{"expression":{"references":["aws_dynamodb_table.urldb.name","aws_dynamodb_table.urldb"]}},"static_bucket_name":{"expression":{"references":["aws_s3_bucket.static.bucket","aws_s3_bucket.static"]},"description":"S3 bucket name hosting the static site content."}},"resources":[{"address":"aws_api_gateway_deployment.this","mode":"managed","type":"aws_api_gateway_deployment","name":"this","provider_config_key":"aws","expressions":{"rest_api_id":{"references":["aws_api_gateway_rest_api.this.id","aws_api_gateway_rest_api.this"]},"triggers":{"references":["aws_api_gateway_integration.any_root.id","aws_api_gateway_integration.any_root","aws_api_gateway_integration.any_proxy.id","aws_api_gateway_integration.any_proxy"]}},"schema_version":0},{"address":"aws_api_gateway_integration.any_proxy","mode":"managed","type":"aws_api_gateway_integration","name":"any_proxy","provider_config_key":"aws","expressions":{"http_method":{"references":["aws_api_gateway_method.any_proxy.http_method","aws_api_gateway_method.any_proxy"]},"integration_http_method":{"constant_value":"POST"},"resource_id":{"references":["aws_api_gateway_resource.proxy.id","aws_api_gateway_resource.proxy"]},"rest_api_id":{"references":["aws_api_gateway_rest_api.this.id","aws_api_gateway_rest_api.this"]},"type":{"constant_value":"AWS_PROXY"},"uri":{"references":["aws_lambda_function.api.invoke_arn","aws_lambda_function.api"]}},"schema_version":0},{"address":"aws_api_gateway_integration.any_root","mode":"managed","type":"aws_api_gateway_integration","name":"any_root","provider_config_key":"aws","expressions":{"http_method":{"references":["aws_api_gateway_method.any_root.http_method","aws_api_gateway_method.any_root"]},"integration_http_method":{"constant_value":"POST"},"resource_id":{"references":["aws_api_gateway_rest_api.this.root_resource_id","aws_api_gateway_rest_api.this"]},"rest_api_id":{"references":["aws_api_gateway_rest_api.this.id","aws_api_gateway_rest_api.this"]},"type":{"constant_value":"AWS_PROXY"},"uri":{"references":["aws_lambda_function.api.invoke_arn","aws_lambda_function.api"]}},"schema_version":0},{"address":"aws_api_gateway_integration.options_proxy","mode":"managed","type":"aws_api_gateway_integration","name":"options_proxy","provider_config_key":"aws","expressions":{"http_method":{"references":["aws_api_gateway_method.options_proxy.http_method","aws_api_gateway_method.options_proxy"]},"request_templates":{"constant_value":{"application/json":"{\"statusCode\": 200}"}},"resource_id":{"references":["aws_api_gateway_resource.proxy.id","aws_api_gateway_resource.proxy"]},"rest_api_id":{"references":["aws_api_gateway_rest_api.this.id","aws_api_gateway_rest_api.this"]},"type":{"constant_value":"MOCK"}},"schema_version":0},{"address":"aws_api_gateway_integration_response.options_proxy","mode":"managed","type":"aws_api_gateway_integration_response","name":"options_proxy","provider_config_key":"aws","expressions":{"http_method":{"references":["aws_api_gateway_method.options_proxy.http_method","aws_api_gateway_method.options_proxy"]},"resource_id":{"references":["aws_api_gateway_resource.proxy.id","aws_api_gateway_resource.proxy"]},"response_parameters":{"references":["var.cors_allowed_origins"]},"rest_api_id":{"references":["aws_api_gateway_rest_api.this.id","aws_api_gateway_rest_api.this"]},"status_code":{"references":["aws_api_gateway_method_response.options_proxy.status_code","aws_api_gateway_method_response.options_proxy"]}},"schema_version":0,"depends_on":["aws_api_gateway_integration.options_proxy"]},{"address":"aws_api_gateway_method.any_proxy","mode":"managed","type":"aws_api_gateway_method","name":"any_proxy","provider_config_key":"aws","expressions":{"authorization":{"constant_value":"NONE"},"http_method":{"constant_value":"ANY"},"resource_id":{"references":["aws_api_gateway_resource.proxy.id","aws_api_gateway_resource.proxy"]},"rest_api_id":{"references":["aws_api_gateway_rest_api.this.id","aws_api_gateway_rest_api.this"]}},"schema_version":0},{"address":"aws_api_gateway_method.any_root","mode":"managed","type":"aws_api_gateway_method","name":"any_root","provider_config_key":"aws","expressions":{"authorization":{"constant_value":"NONE"},"http_method":{"constant_value":"ANY"},"resource_id":{"references":["aws_api_gateway_rest_api.this.root_resource_id","aws_api_gateway_rest_api.this"]},"rest_api_id":{"references":["aws_api_gateway_rest_api.this.id","aws_api_gateway_rest_api.this"]}},"schema_version":0},{"address":"aws_api_gateway_method.options_proxy","mode":"managed","type":"aws_api_gateway_method","name":"options_proxy","provider_config_key":"aws","expressions":{"authorization":{"constant_value":"NONE"},"http_method":{"constant_value":"OPTIONS"},"resource_id":{"references":["aws_api_gateway_resource.proxy.id","aws_api_gateway_resource.proxy"]},"rest_api_id":{"references":["aws_api_gateway_rest_api.this.id","aws_api_gateway_rest_api.this"]}},"schema_version":0},{"address":"aws_api_gateway_method_response.options_proxy","mode":"managed","type":"aws_api_gateway_method_response","name":"options_proxy","provider_config_key":"aws","expressions":{"http_method":{"references":["aws_api_gateway_method.options_proxy.http_method","aws_api_gateway_method.options_proxy"]},"resource_id":{"references":["aws_api_gateway_resource.proxy.id","aws_api_gateway_resource.proxy"]},"response_parameters":{"constant_value":{"method.response.header.Access-Control-Allow-Headers":true,"method.response.header.Access-Control-Allow-Methods":true,"method.response.header.Access-Control-Allow-Origin":true}},"rest_api_id":{"references":["aws_api_gateway_rest_api.this.id","aws_api_gateway_rest_api.this"]},"status_code":{"constant_value":"200"}},"schema_version":0},{"address":"aws_api_gateway_resource.proxy","mode":"managed","type":"aws_api_gateway_resource","name":"proxy","provider_config_key":"aws","expressions":{"parent_id":{"references":["aws_api_gateway_rest_api.this.root_resource_id","aws_api_gateway_rest_api.this"]},"path_part":{"constant_value":"{proxy+}"},"rest_api_id":{"references":["aws_api_gateway_rest_api.this.id","aws_api_gateway_rest_api.this"]}},"schema_version":0},{"address":"aws_api_gateway_rest_api.this","mode":"managed","type":"aws_api_gateway_rest_api","name":"this","provider_config_key":"aws","expressions":{"endpoint_configuration":[{"types":{"constant_value":["REGIONAL"]}}],"name":{"references":["local.name_prefix"]}},"schema_version":0},{"address":"aws_api_gateway_stage.this","mode":"managed","type":"aws_api_gateway_stage","name":"this","provider_config_key":"aws","expressions":{"access_log_settings":[{"destination_arn":{"references":["aws_cloudwatch_log_group.apigw_access.arn","aws_cloudwatch_log_group.apigw_access"]},"format":{}}],"deployment_id":{"references":["aws_api_gateway_deployment.this.id","aws_api_gateway_deployment.this"]},"rest_api_id":{"references":["aws_api_gateway_rest_api.this.id","aws_api_gateway_rest_api.this"]},"stage_name":{"references":["var.api_stage_name"]},"xray_tracing_enabled":{"constant_value":false}},"schema_version":0},{"address":"aws_cloudfront_distribution.static","mode":"managed","type":"aws_cloudfront_distribution","name":"static","provider_config_key":"aws","expressions":{"comment":{"references":["local.name_prefix"]},"default_cache_behavior":[{"allowed_methods":{"constant_value":["GET","HEAD","OPTIONS"]},"cached_methods":{"constant_value":["GET","HEAD","OPTIONS"]},"compress":{"constant_value":true},"default_ttl":{"constant_value":3600},"forwarded_values":[{"cookies":[{"forward":{"constant_value":"none"}}],"query_string":{"constant_value":false}}],"max_ttl":{"constant_value":86400},"min_ttl":{"constant_value":0},"target_origin_id":{"constant_value":"s3-static"},"viewer_protocol_policy":{"constant_value":"redirect-to-https"}}],"default_root_object":{"constant_value":"index.html"},"enabled":{"constant_value":true},"is_ipv6_enabled":{"constant_value":true},"origin":[{"domain_name":{"references":["aws_s3_bucket.static.bucket_regional_domain_name","aws_s3_bucket.static"]},"origin_access_control_id":{"references":["aws_cloudfront_origin_access_control.oac.id","aws_cloudfront_origin_access_control.oac"]},"origin_id":{"constant_value":"s3-static"}}],"restrictions":[{"geo_restriction":[{"restriction_type":{"constant_value":"none"}}]}],"viewer_certificate":[{"cloudfront_default_certificate":{"constant_value":true}}]},"schema_version":1},{"address":"aws_cloudfront_origin_access_control.oac","mode":"managed","type":"aws_cloudfront_origin_access_control","name":"oac","provider_config_key":"aws","expressions":{"description":{"constant_value":"OAC for static site bucket"},"name":{"references":["local.name_prefix"]},"origin_access_control_origin_type":{"constant_value":"s3"},"signing_behavior":{"constant_value":"always"},"signing_protocol":{"constant_value":"sigv4"}},"schema_version":0},{"address":"aws_cloudwatch_log_group.apigw_access","mode":"managed","type":"aws_cloudwatch_log_group","name":"apigw_access","provider_config_key":"aws","expressions":{"name":{"references":["local.name_prefix"]},"retention_in_days":{"references":["var.log_retention_days"]}},"schema_version":0},{"address":"aws_cloudwatch_log_group.lambda","mode":"managed","type":"aws_cloudwatch_log_group","name":"lambda","provider_config_key":"aws","expressions":{"name":{"references":["local.name_prefix"]},"retention_in_days":{"references":["var.log_retention_days"]}},"schema_version":0},{"address":"aws_dynamodb_table.urldb","mode":"managed","type":"aws_dynamodb_table","name":"urldb","provider_config_key":"aws","expressions":{"attribute":[{"name":{"constant_value":"short_url_id"},"type":{"constant_value":"S"}}],"billing_mode":{"constant_value":"PAY_PER_REQUEST"},"hash_key":{"constant_value":"short_url_id"},"name":{"references":["var.table_name"]},"point_in_time_recovery":[{"enabled":{"constant_value":true}}],"ttl":[{"attribute_name":{"references":["var.ttl_attribute"]},"enabled":{"constant_value":true}}]},"schema_version":1},{"address":"aws_iam_role.lambda_exec","mode":"managed","type":"aws_iam_role","name":"lambda_exec","provider_config_key":"aws","expressions":{"assume_role_policy":{},"name":{"references":["local.name_prefix"]}},"schema_version":0},{"address":"aws_iam_role_policy.lambda_dynamodb","mode":"managed","type":"aws_iam_role_policy","name":"lambda_dynamodb","provider_config_key":"aws","expressions":{"name":{"references":["local.name_prefix"]},"policy":{"references":["aws_dynamodb_table.urldb.arn","aws_dynamodb_table.urldb"]},"role":{"references":["aws_iam_role.lambda_exec.id","aws_iam_role.lambda_exec"]}},"schema_version":0},{"address":"aws_iam_role_policy.lambda_logs","mode":"managed","type":"aws_iam_role_policy","name":"lambda_logs","provider_config_key":"aws","expressions":{"name":{"references":["local.name_prefix"]},"policy":{},"role":{"references":["aws_iam_role.lambda_exec.id","aws_iam_role.lambda_exec"]}},"schema_version":0},{"address":"aws_lambda_function.api","mode":"managed","type":"aws_lambda_function","name":"api","provider_config_key":"aws","expressions":{"environment":[{"variables":{"references":["var.table_name"]}}],"filename":{"references":["data.archive_file.lambda_zip.output_path","data.archive_file.lambda_zip"]},"function_name":{"references":["local.name_prefix"]},"handler":{"constant_value":"lambda.handler"},"memory_size":{"references":["var.lambda_memory_size"]},"role":{"references":["aws_iam_role.lambda_exec.arn","aws_iam_role.lambda_exec"]},"runtime":{"references":["var.lambda_runtime"]},"source_code_hash":{"references":["data.archive_file.lambda_zip.output_base64sha256","data.archive_file.lambda_zip"]},"timeout":{"references":["var.lambda_timeout"]}},"schema_version":0,"depends_on":["aws_cloudwatch_log_group.lambda"]},{"address":"aws_lambda_permission.apigw","mode":"managed","type":"aws_lambda_permission","name":"apigw","provider_config_key":"aws","expressions":{"action":{"constant_value":"lambda:InvokeFunction"},"function_name":{"references":["aws_lambda_function.api.function_name","aws_lambda_function.api"]},"principal":{"constant_value":"apigateway.amazonaws.com"},"source_arn":{"references":["aws_api_gateway_rest_api.this.execution_arn","aws_api_gateway_rest_api.this"]},"statement_id":{"constant_value":"AllowExecutionFromAPIGateway"}},"schema_version":0},{"address":"aws_s3_bucket.static","mode":"managed","type":"aws_s3_bucket","name":"static","provider_config_key":"aws","expressions":{"bucket":{"references":["var.static_site_bucket_name","local.name_prefix","data.aws_caller_identity.current.account_id","data.aws_caller_identity.current"]},"force_destroy":{"constant_value":true}},"schema_version":0},{"address":"aws_s3_bucket_ownership_controls.static","mode":"managed","type":"aws_s3_bucket_ownership_controls","name":"static","provider_config_key":"aws","expressions":{"bucket":{"references":["aws_s3_bucket.static.id","aws_s3_bucket.static"]},"rule":[{"object_ownership":{"constant_value":"BucketOwnerPreferred"}}]},"schema_version":0},{"address":"aws_s3_bucket_policy.static","mode":"managed","type":"aws_s3_bucket_policy","name":"static","provider_config_key":"aws","expressions":{"bucket":{"references":["aws_s3_bucket.static.id","aws_s3_bucket.static"]},"policy":{"references":["aws_s3_bucket.static.arn","aws_s3_bucket.static","aws_cloudfront_distribution.static.arn","aws_cloudfront_distribution.static"]}},"schema_version":0,"depends_on":["aws_s3_bucket_public_access_block.static"]},{"address":"aws_s3_bucket_public_access_block.static","mode":"managed","type":"aws_s3_bucket_public_access_block","name":"static","provider_config_key":"aws","expressions":{"block_public_acls":{"constant_value":true},"block_public_policy":{"constant_value":true},"bucket":{"references":["aws_s3_bucket.static.id","aws_s3_bucket.static"]},"ignore_public_acls":{"constant_value":true},"restrict_public_buckets":{"constant_value":true}},"schema_version":0},{"address":"aws_s3_bucket_server_side_encryption_configuration.static","mode":"managed","type":"aws_s3_bucket_server_side_encryption_configuration","name":"static","provider_config_key":"aws","expressions":{"bucket":{"references":["aws_s3_bucket.static.id","aws_s3_bucket.static"]},"rule":[{"apply_server_side_encryption_by_default":[{"sse_algorithm":{"constant_value":"AES256"}}]}]},"schema_version":0},{"address":"aws_s3_bucket_versioning.static","mode":"managed","type":"aws_s3_bucket_versioning","name":"static","provider_config_key":"aws","expressions":{"bucket":{"references":["aws_s3_bucket.static.id","aws_s3_bucket.static"]},"versioning_configuration":[{"status":{"constant_value":"Enabled"}}]},"schema_version":0},{"address":"aws_s3_object.index","mode":"managed","type":"aws_s3_object","name":"index","provider_config_key":"aws","expressions":{"bucket":{"references":["aws_s3_bucket.static.id","aws_s3_bucket.static"]},"content_type":{"constant_value":"text/html; charset=utf-8"},"etag":{"references":["path.module"]},"key":{"constant_value":"index.html"},"source":{"references":["path.module"]}},"schema_version":0},{"address":"data.archive_file.lambda_dummy","mode":"data","type":"archive_file","name":"lambda_dummy","provider_config_key":"archive","expressions":{"output_path":{"references":["local.lambda_dummy_zip"]},"source":[{"content":{"constant_value":"exports.handler = async (event) =\u003e {\n  console.log(\"Dummy lambda invoked\");\n  return { statusCode: 200, body: \"dummy\" };\n};\n"},"filename":{"constant_value":"index.js"}}],"type":{"constant_value":"zip"}},"schema_version":0},{"address":"data.archive_file.lambda_zip","mode":"data","type":"archive_file","name":"lambda_zip","provider_config_key":"archive","expressions":{"output_path":{"references":["path.module"]},"source_file":{"references":["path.module"]},"type":{"constant_value":"zip"}},"schema_version":0},{"address":"data.aws_caller_identity.current","mode":"data","type":"aws_caller_identity","name":"current","provider_config_key":"aws","schema_version":0},{"address":"data.aws_partition.current","mode":"data","type":"aws_partition","name":"current","provider_config_key":"aws","schema_version":0},{"address":"data.aws_region.current","mode":"data","type":"aws_region","name":"current","provider_config_key":"aws","schema_version":0}],"variables":{"api_stage_name":{"default":"prod","description":"API Gateway stage name."},"aws_region":{"default":"us-east-1","description":"AWS region to deploy into. NOTE: lambda.py hardcodes us-east-1 for DynamoDB client."},"cors_allowed_origins":{"default":["*"],"description":"Allowed origins for API CORS. Use your CloudFront domain/custom domain in production."},"environment":{"default":"dev","description":"Environment name (e.g., dev, stage, prod)."},"lambda_memory_size":{"default":256,"description":"Lambda memory size in MB."},"lambda_runtime":{"default":"python3.12","description":"Lambda runtime."},"lambda_timeout":{"default":10,"description":"Lambda timeout in seconds."},"log_retention_days":{"default":14,"description":"CloudWatch log retention in days."},"project_name":{"default":"url-shortener","description":"Project name used for naming/tagging."},"static_site_bucket_name":{"default":null,"description":"Optional fixed name for the S3 bucket hosting the static site. Leave null to auto-generate."},"table_name":{"default":"URLDB","description":"DynamoDB table name. Must match lambda.py (URLDB) unless you change code."},"ttl_attribute":{"default":"ttl","description":"DynamoDB TTL attribute name."}}}},"relevant_attributes":[{"resource":"aws_api_gateway_resource.proxy","attribute":["id"]},{"resource":"aws_cloudfront_distribution.static","attribute":["domain_name"]},{"resource":"data.archive_file.lambda_zip","attribute":["output_base64sha256"]},{"resource":"aws_api_gateway_deployment.this","attribute":["id"]},{"resource":"aws_api_gateway_stage.this","attribute":["invoke_url"]},{"resource":"aws_s3_bucket.static","attribute":["id"]},{"resource":"aws_api_gateway_method.any_proxy","attribute":["http_method"]},{"resource":"aws_api_gateway_rest_api.this","attribute":["root_resource_id"]},{"resource":"aws_cloudfront_distribution.static","attribute":["arn"]},{"resource":"aws_iam_role.lambda_exec","attribute":["id"]},{"resource":"aws_s3_bucket.static","attribute":["bucket"]},{"resource":"aws_api_gateway_rest_api.this","attribute":["id"]},{"resource":"aws_api_gateway_method.any_root","attribute":["http_method"]},{"resource":"aws_lambda_function.api","attribute":["function_name"]},{"resource":"aws_api_gateway_integration.any_root","attribute":["id"]},{"resource":"aws_lambda_function.api","attribute":["invoke_arn"]},{"resource":"data.archive_file.lambda_zip","attribute":["output_path"]},{"resource":"aws_api_gateway_method.options_proxy","attribute":["http_method"]},{"resource":"aws_cloudwatch_log_group.apigw_access","attribute":["arn"]},{"resource":"aws_api_gateway_integration.any_proxy","attribute":["id"]},{"resource":"aws_dynamodb_table.urldb","attribute":["arn"]},{"resource":"aws_api_gateway_method_response.options_proxy","attribute":["status_code"]},{"resource":"aws_dynamodb_table.urldb","attribute":["name"]},{"resource":"data.aws_caller_identity.current","attribute":["account_id"]},{"resource":"aws_api_gateway_rest_api.this","attribute":["execution_arn"]},{"resource":"aws_iam_role.lambda_exec","attribute":["arn"]},{"resource":"aws_cloudfront_origin_access_control.oac","attribute":["id"]},{"resource":"aws_s3_bucket.static","attribute":["arn"]},{"resource":"aws_s3_bucket.static","attribute":["bucket_regional_domain_name"]}],"timestamp":"2026-01-26T20:02:35Z","applyable":true,"complete":true,"errored":false}
