data.archive_file.lambda_dummy: Reading...
data.archive_file.lambda_dummy: Read complete after 0s [id=58e93fade67637870be5af38eff8d5aa66c7da49]

Terraform used the selected providers to generate the following execution
plan. Resource actions are indicated with the following symbols:
  + create

Terraform will perform the following actions:

  # aws_api_gateway_deployment.product_api_deployment will be created
  + resource "aws_api_gateway_deployment" "product_api_deployment" {
      + created_date = (known after apply)
      + id           = (known after apply)
      + region       = "us-east-1"
      + rest_api_id  = (known after apply)
    }

  # aws_api_gateway_integration.product_post_integration will be created
  + resource "aws_api_gateway_integration" "product_post_integration" {
      + cache_namespace         = (known after apply)
      + connection_type         = "INTERNET"
      + http_method             = "POST"
      + id                      = (known after apply)
      + integration_http_method = "POST"
      + passthrough_behavior    = (known after apply)
      + region                  = "us-east-1"
      + resource_id             = (known after apply)
      + response_transfer_mode  = (known after apply)
      + rest_api_id             = (known after apply)
      + timeout_milliseconds    = 29000
      + type                    = "AWS_PROXY"
      + uri                     = (known after apply)
    }

  # aws_api_gateway_method.product_post will be created
  + resource "aws_api_gateway_method" "product_post" {
      + api_key_required = false
      + authorization    = "NONE"
      + http_method      = "POST"
      + id               = (known after apply)
      + region           = "us-east-1"
      + resource_id      = (known after apply)
      + rest_api_id      = (known after apply)
    }

  # aws_api_gateway_resource.product will be created
  + resource "aws_api_gateway_resource" "product" {
      + id          = (known after apply)
      + parent_id   = (known after apply)
      + path        = (known after apply)
      + path_part   = "productApi"
      + region      = "us-east-1"
      + rest_api_id = (known after apply)
    }

  # aws_api_gateway_rest_api.product_api will be created
  + resource "aws_api_gateway_rest_api" "product_api" {
      + api_key_source               = (known after apply)
      + arn                          = (known after apply)
      + binary_media_types           = (known after apply)
      + created_date                 = (known after apply)
      + description                  = "API Gateway for Product Lambda"
      + disable_execute_api_endpoint = (known after apply)
      + execution_arn                = (known after apply)
      + id                           = (known after apply)
      + minimum_compression_size     = (known after apply)
      + name                         = "product-api-api"
      + policy                       = (known after apply)
      + region                       = "us-east-1"
      + root_resource_id             = (known after apply)
      + tags                         = {
          + "App" = "product-api"
        }
      + tags_all                     = {
          + "App" = "product-api"
        }

      + endpoint_configuration {
          + ip_address_type  = (known after apply)
          + types            = [
              + "REGIONAL",
            ]
          + vpc_endpoint_ids = (known after apply)
        }
    }

  # aws_api_gateway_stage.dev will be created
  + resource "aws_api_gateway_stage" "dev" {
      + arn           = (known after apply)
      + deployment_id = (known after apply)
      + execution_arn = (known after apply)
      + id            = (known after apply)
      + invoke_url    = (known after apply)
      + region        = "us-east-1"
      + rest_api_id   = (known after apply)
      + stage_name    = "dev"
      + tags_all      = (known after apply)
      + web_acl_arn   = (known after apply)
    }

  # aws_iam_role.lambda_exec will be created
  + resource "aws_iam_role" "lambda_exec" {
      + arn                   = (known after apply)
      + assume_role_policy    = jsonencode(
            {
              + Statement = [
                  + {
                      + Action    = "sts:AssumeRole"
                      + Effect    = "Allow"
                      + Principal = {
                          + Service = "lambda.amazonaws.com"
                        }
                    },
                ]
              + Version   = "2012-10-17"
            }
        )
      + create_date           = (known after apply)
      + force_detach_policies = false
      + id                    = (known after apply)
      + managed_policy_arns   = (known after apply)
      + max_session_duration  = 3600
      + name                  = "product-api-lambda-exec"
      + name_prefix           = (known after apply)
      + path                  = "/"
      + tags                  = {
          + "App" = "product-api"
        }
      + tags_all              = {
          + "App" = "product-api"
        }
      + unique_id             = (known after apply)

      + inline_policy (known after apply)
    }

  # aws_iam_role_policy_attachment.lambda_basic will be created
  + resource "aws_iam_role_policy_attachment" "lambda_basic" {
      + id         = (known after apply)
      + policy_arn = "arn:aws:iam::aws:policy/service-role/AWSLambdaBasicExecutionRole"
      + role       = "product-api-lambda-exec"
    }

  # aws_lambda_function.product_lambda will be created
  + resource "aws_lambda_function" "product_lambda" {
      + architectures                  = (known after apply)
      + arn                            = (known after apply)
      + code_sha256                    = (known after apply)
      + filename                       = "../product-lambda.jar"
      + function_name                  = "product-api-lambda"
      + handler                        = "example.Handler::handleRequest"
      + id                             = (known after apply)
      + invoke_arn                     = (known after apply)
      + last_modified                  = (known after apply)
      + memory_size                    = 512
      + package_type                   = "Zip"
      + publish                        = false
      + qualified_arn                  = (known after apply)
      + qualified_invoke_arn           = (known after apply)
      + region                         = "us-east-1"
      + reserved_concurrent_executions = -1
      + response_streaming_invoke_arn  = (known after apply)
      + role                           = (known after apply)
      + runtime                        = "java11"
      + signing_job_arn                = (known after apply)
      + signing_profile_version_arn    = (known after apply)
      + skip_destroy                   = false
      + source_code_hash               = "uM9pN/aFLi98wZmyXWpwBb4nipwIwiJdhnPaO9mGbNU="
      + source_code_size               = (known after apply)
      + tags                           = {
          + "App" = "product-api"
        }
      + tags_all                       = {
          + "App" = "product-api"
        }
      + timeout                        = 10
      + version                        = (known after apply)

      + ephemeral_storage (known after apply)

      + logging_config (known after apply)

      + tracing_config (known after apply)
    }

  # aws_lambda_permission.apigw will be created
  + resource "aws_lambda_permission" "apigw" {
      + action              = "lambda:InvokeFunction"
      + function_name       = "product-api-lambda"
      + id                  = (known after apply)
      + principal           = "apigateway.amazonaws.com"
      + region              = "us-east-1"
      + source_arn          = (known after apply)
      + statement_id        = "AllowAPIGatewayInvoke"
      + statement_id_prefix = (known after apply)
    }

Plan: 10 to add, 0 to change, 0 to destroy.

Changes to Outputs:
  + lambda_function_name = "product-api-lambda"
  + rest_api_id          = (known after apply)
aws_api_gateway_rest_api.product_api: Creating...
aws_iam_role.lambda_exec: Creating...
aws_iam_role.lambda_exec: Creation complete after 1s [id=product-api-lambda-exec]
aws_iam_role_policy_attachment.lambda_basic: Creating...
aws_iam_role_policy_attachment.lambda_basic: Creation complete after 0s [id=product-api-lambda-exec/arn:aws:iam::aws:policy/service-role/AWSLambdaBasicExecutionRole]
aws_lambda_function.product_lambda: Creating...
aws_api_gateway_rest_api.product_api: Creation complete after 3s [id=flfjbxsvyg]
aws_api_gateway_resource.product: Creating...
aws_api_gateway_resource.product: Creation complete after 0s [id=2yaj7rimyd]
aws_api_gateway_method.product_post: Creating...
aws_api_gateway_method.product_post: Creation complete after 0s [id=agm-flfjbxsvyg-2yaj7rimyd-POST]
aws_lambda_function.product_lambda: Still creating... [00m10s elapsed]
aws_lambda_function.product_lambda: Creation complete after 12s [id=product-api-lambda]
aws_lambda_permission.apigw: Creating...
aws_api_gateway_integration.product_post_integration: Creating...
aws_lambda_permission.apigw: Creation complete after 0s [id=AllowAPIGatewayInvoke]
aws_api_gateway_integration.product_post_integration: Creation complete after 0s [id=agi-flfjbxsvyg-2yaj7rimyd-POST]
aws_api_gateway_deployment.product_api_deployment: Creating...
aws_api_gateway_deployment.product_api_deployment: Creation complete after 0s [id=q6cnx6x9sk]
aws_api_gateway_stage.dev: Creating...
aws_api_gateway_stage.dev: Creation complete after 0s [id=ags-flfjbxsvyg-dev]

Apply complete! Resources: 10 added, 0 changed, 0 destroyed.

Outputs:

lambda_function_name = "product-api-lambda"
rest_api_id = "flfjbxsvyg"
