{"format_version":"1.2","terraform_version":"1.13.5","variables":{"app_name":{"value":"product-api"},"region":{"value":"us-east-1"}},"planned_values":{"outputs":{"lambda_function_name":{"sensitive":false,"type":"string","value":"product-api-lambda"},"rest_api_id":{"sensitive":false}},"root_module":{"resources":[{"address":"aws_api_gateway_deployment.product_api_deployment","mode":"managed","type":"aws_api_gateway_deployment","name":"product_api_deployment","provider_name":"registry.terraform.io/hashicorp/aws","schema_version":0,"values":{"description":null,"region":"us-east-1","triggers":null,"variables":null},"sensitive_values":{}},{"address":"aws_api_gateway_integration.product_post_integration","mode":"managed","type":"aws_api_gateway_integration","name":"product_post_integration","provider_name":"registry.terraform.io/hashicorp/aws","schema_version":0,"values":{"cache_key_parameters":null,"connection_id":null,"connection_type":"INTERNET","content_handling":null,"credentials":null,"http_method":"POST","integration_http_method":"POST","integration_target":null,"region":"us-east-1","request_parameters":null,"request_templates":null,"timeout_milliseconds":29000,"tls_config":[],"type":"AWS_PROXY"},"sensitive_values":{"tls_config":[]}},{"address":"aws_api_gateway_method.product_post","mode":"managed","type":"aws_api_gateway_method","name":"product_post","provider_name":"registry.terraform.io/hashicorp/aws","schema_version":0,"values":{"api_key_required":false,"authorization":"NONE","authorization_scopes":null,"authorizer_id":null,"http_method":"POST","operation_name":null,"region":"us-east-1","request_models":null,"request_parameters":null,"request_validator_id":null},"sensitive_values":{}},{"address":"aws_api_gateway_resource.product","mode":"managed","type":"aws_api_gateway_resource","name":"product","provider_name":"registry.terraform.io/hashicorp/aws","schema_version":0,"values":{"path_part":"productApi","region":"us-east-1"},"sensitive_values":{}},{"address":"aws_api_gateway_rest_api.product_api","mode":"managed","type":"aws_api_gateway_rest_api","name":"product_api","provider_name":"registry.terraform.io/hashicorp/aws","schema_version":0,"values":{"body":null,"description":"API Gateway for Product Lambda","endpoint_configuration":[{"types":["REGIONAL"]}],"fail_on_warnings":null,"name":"product-api-api","parameters":null,"put_rest_api_mode":null,"region":"us-east-1","tags":{"App":"product-api"},"tags_all":{"App":"product-api"}},"sensitive_values":{"binary_media_types":[],"endpoint_configuration":[{"types":[false],"vpc_endpoint_ids":[]}],"tags":{},"tags_all":{}}},{"address":"aws_api_gateway_stage.dev","mode":"managed","type":"aws_api_gateway_stage","name":"dev","provider_name":"registry.terraform.io/hashicorp/aws","schema_version":0,"values":{"access_log_settings":[],"cache_cluster_enabled":null,"cache_cluster_size":null,"canary_settings":[],"client_certificate_id":null,"description":null,"documentation_version":null,"region":"us-east-1","stage_name":"dev","tags":null,"variables":null,"xray_tracing_enabled":null},"sensitive_values":{"access_log_settings":[],"canary_settings":[],"tags_all":{}}},{"address":"aws_iam_role.lambda_exec","mode":"managed","type":"aws_iam_role","name":"lambda_exec","provider_name":"registry.terraform.io/hashicorp/aws","schema_version":0,"values":{"assume_role_policy":"{\"Statement\":[{\"Action\":\"sts:AssumeRole\",\"Effect\":\"Allow\",\"Principal\":{\"Service\":\"lambda.amazonaws.com\"}}],\"Version\":\"2012-10-17\"}","description":null,"force_detach_policies":false,"max_session_duration":3600,"name":"product-api-lambda-exec","path":"/","permissions_boundary":null,"tags":{"App":"product-api"},"tags_all":{"App":"product-api"}},"sensitive_values":{"inline_policy":[],"managed_policy_arns":[],"tags":{},"tags_all":{}},"identity_schema_version":0,"identity":{"account_id":null,"name":null}},{"address":"aws_iam_role_policy_attachment.lambda_basic","mode":"managed","type":"aws_iam_role_policy_attachment","name":"lambda_basic","provider_name":"registry.terraform.io/hashicorp/aws","schema_version":0,"values":{"policy_arn":"arn:aws:iam::aws:policy/service-role/AWSLambdaBasicExecutionRole","role":"product-api-lambda-exec"},"sensitive_values":{},"identity_schema_version":0,"identity":{"account_id":null,"policy_arn":null,"role":null}},{"address":"aws_lambda_function.product_lambda","mode":"managed","type":"aws_lambda_function","name":"product_lambda","provider_name":"registry.terraform.io/hashicorp/aws","schema_version":0,"values":{"capacity_provider_config":[],"code_signing_config_arn":null,"dead_letter_config":[],"description":null,"durable_config":[],"environment":[],"file_system_config":[],"filename":"../product-lambda.jar","function_name":"product-api-lambda","handler":"example.Handler::handleRequest","image_config":[],"image_uri":null,"kms_key_arn":null,"layers":null,"memory_size":512,"package_type":"Zip","publish":false,"publish_to":null,"region":"us-east-1","replace_security_groups_on_destroy":null,"replacement_security_group_ids":null,"reserved_concurrent_executions":-1,"runtime":"java11","s3_bucket":null,"s3_key":null,"s3_object_version":null,"skip_destroy":false,"snap_start":[],"source_code_hash":"uM9pN/aFLi98wZmyXWpwBb4nipwIwiJdhnPaO9mGbNU=","source_kms_key_arn":null,"tags":{"App":"product-api"},"tags_all":{"App":"product-api"},"tenancy_config":[],"timeout":10,"timeouts":null,"vpc_config":[]},"sensitive_values":{"architectures":[],"capacity_provider_config":[],"dead_letter_config":[],"durable_config":[],"environment":[],"ephemeral_storage":[],"file_system_config":[],"image_config":[],"logging_config":[],"snap_start":[],"tags":{},"tags_all":{},"tenancy_config":[],"tracing_config":[],"vpc_config":[]},"identity_schema_version":0,"identity":{"account_id":null,"function_name":null,"region":null}},{"address":"aws_lambda_permission.apigw","mode":"managed","type":"aws_lambda_permission","name":"apigw","provider_name":"registry.terraform.io/hashicorp/aws","schema_version":0,"values":{"action":"lambda:InvokeFunction","event_source_token":null,"function_name":"product-api-lambda","function_url_auth_type":null,"invoked_via_function_url":null,"principal":"apigateway.amazonaws.com","principal_org_id":null,"qualifier":null,"region":"us-east-1","source_account":null,"statement_id":"AllowAPIGatewayInvoke"},"sensitive_values":{},"identity_schema_version":0,"identity":{"account_id":null,"function_name":null,"qualifier":null,"region":null,"statement_id":null}}]}},"resource_changes":[{"address":"aws_api_gateway_deployment.product_api_deployment","mode":"managed","type":"aws_api_gateway_deployment","name":"product_api_deployment","provider_name":"registry.terraform.io/hashicorp/aws","change":{"actions":["create"],"before":null,"after":{"description":null,"region":"us-east-1","triggers":null,"variables":null},"after_unknown":{"created_date":true,"id":true,"rest_api_id":true},"before_sensitive":false,"after_sensitive":{}}},{"address":"aws_api_gateway_integration.product_post_integration","mode":"managed","type":"aws_api_gateway_integration","name":"product_post_integration","provider_name":"registry.terraform.io/hashicorp/aws","change":{"actions":["create"],"before":null,"after":{"cache_key_parameters":null,"connection_id":null,"connection_type":"INTERNET","content_handling":null,"credentials":null,"http_method":"POST","integration_http_method":"POST","integration_target":null,"region":"us-east-1","request_parameters":null,"request_templates":null,"timeout_milliseconds":29000,"tls_config":[],"type":"AWS_PROXY"},"after_unknown":{"cache_namespace":true,"id":true,"passthrough_behavior":true,"resource_id":true,"response_transfer_mode":true,"rest_api_id":true,"tls_config":[],"uri":true},"before_sensitive":false,"after_sensitive":{"tls_config":[]}}},{"address":"aws_api_gateway_method.product_post","mode":"managed","type":"aws_api_gateway_method","name":"product_post","provider_name":"registry.terraform.io/hashicorp/aws","change":{"actions":["create"],"before":null,"after":{"api_key_required":false,"authorization":"NONE","authorization_scopes":null,"authorizer_id":null,"http_method":"POST","operation_name":null,"region":"us-east-1","request_models":null,"request_parameters":null,"request_validator_id":null},"after_unknown":{"id":true,"resource_id":true,"rest_api_id":true},"before_sensitive":false,"after_sensitive":{}}},{"address":"aws_api_gateway_resource.product","mode":"managed","type":"aws_api_gateway_resource","name":"product","provider_name":"registry.terraform.io/hashicorp/aws","change":{"actions":["create"],"before":null,"after":{"path_part":"productApi","region":"us-east-1"},"after_unknown":{"id":true,"parent_id":true,"path":true,"rest_api_id":true},"before_sensitive":false,"after_sensitive":{}}},{"address":"aws_api_gateway_rest_api.product_api","mode":"managed","type":"aws_api_gateway_rest_api","name":"product_api","provider_name":"registry.terraform.io/hashicorp/aws","change":{"actions":["create"],"before":null,"after":{"body":null,"description":"API Gateway for Product Lambda","endpoint_configuration":[{"types":["REGIONAL"]}],"fail_on_warnings":null,"name":"product-api-api","parameters":null,"put_rest_api_mode":null,"region":"us-east-1","tags":{"App":"product-api"},"tags_all":{"App":"product-api"}},"after_unknown":{"api_key_source":true,"arn":true,"binary_media_types":true,"created_date":true,"disable_execute_api_endpoint":true,"endpoint_configuration":[{"ip_address_type":true,"types":[false],"vpc_endpoint_ids":true}],"execution_arn":true,"id":true,"minimum_compression_size":true,"policy":true,"root_resource_id":true,"tags":{},"tags_all":{}},"before_sensitive":false,"after_sensitive":{"binary_media_types":[],"endpoint_configuration":[{"types":[false],"vpc_endpoint_ids":[]}],"tags":{},"tags_all":{}}}},{"address":"aws_api_gateway_stage.dev","mode":"managed","type":"aws_api_gateway_stage","name":"dev","provider_name":"registry.terraform.io/hashicorp/aws","change":{"actions":["create"],"before":null,"after":{"access_log_settings":[],"cache_cluster_enabled":null,"cache_cluster_size":null,"canary_settings":[],"client_certificate_id":null,"description":null,"documentation_version":null,"region":"us-east-1","stage_name":"dev","tags":null,"variables":null,"xray_tracing_enabled":null},"after_unknown":{"access_log_settings":[],"arn":true,"canary_settings":[],"deployment_id":true,"execution_arn":true,"id":true,"invoke_url":true,"rest_api_id":true,"tags_all":true,"web_acl_arn":true},"before_sensitive":false,"after_sensitive":{"access_log_settings":[],"canary_settings":[],"tags_all":{}}}},{"address":"aws_iam_role.lambda_exec","mode":"managed","type":"aws_iam_role","name":"lambda_exec","provider_name":"registry.terraform.io/hashicorp/aws","change":{"actions":["create"],"before":null,"after":{"assume_role_policy":"{\"Statement\":[{\"Action\":\"sts:AssumeRole\",\"Effect\":\"Allow\",\"Principal\":{\"Service\":\"lambda.amazonaws.com\"}}],\"Version\":\"2012-10-17\"}","description":null,"force_detach_policies":false,"max_session_duration":3600,"name":"product-api-lambda-exec","path":"/","permissions_boundary":null,"tags":{"App":"product-api"},"tags_all":{"App":"product-api"}},"after_unknown":{"arn":true,"create_date":true,"id":true,"inline_policy":true,"managed_policy_arns":true,"name_prefix":true,"tags":{},"tags_all":{},"unique_id":true},"before_sensitive":false,"after_sensitive":{"inline_policy":[],"managed_policy_arns":[],"tags":{},"tags_all":{}},"after_identity":{"account_id":null,"name":null}}},{"address":"aws_iam_role_policy_attachment.lambda_basic","mode":"managed","type":"aws_iam_role_policy_attachment","name":"lambda_basic","provider_name":"registry.terraform.io/hashicorp/aws","change":{"actions":["create"],"before":null,"after":{"policy_arn":"arn:aws:iam::aws:policy/service-role/AWSLambdaBasicExecutionRole","role":"product-api-lambda-exec"},"after_unknown":{"id":true},"before_sensitive":false,"after_sensitive":{},"after_identity":{"account_id":null,"policy_arn":null,"role":null}}},{"address":"aws_lambda_function.product_lambda","mode":"managed","type":"aws_lambda_function","name":"product_lambda","provider_name":"registry.terraform.io/hashicorp/aws","change":{"actions":["create"],"before":null,"after":{"capacity_provider_config":[],"code_signing_config_arn":null,"dead_letter_config":[],"description":null,"durable_config":[],"environment":[],"file_system_config":[],"filename":"../product-lambda.jar","function_name":"product-api-lambda","handler":"example.Handler::handleRequest","image_config":[],"image_uri":null,"kms_key_arn":null,"layers":null,"memory_size":512,"package_type":"Zip","publish":false,"publish_to":null,"region":"us-east-1","replace_security_groups_on_destroy":null,"replacement_security_group_ids":null,"reserved_concurrent_executions":-1,"runtime":"java11","s3_bucket":null,"s3_key":null,"s3_object_version":null,"skip_destroy":false,"snap_start":[],"source_code_hash":"uM9pN/aFLi98wZmyXWpwBb4nipwIwiJdhnPaO9mGbNU=","source_kms_key_arn":null,"tags":{"App":"product-api"},"tags_all":{"App":"product-api"},"tenancy_config":[],"timeout":10,"timeouts":null,"vpc_config":[]},"after_unknown":{"architectures":true,"arn":true,"capacity_provider_config":[],"code_sha256":true,"dead_letter_config":[],"durable_config":[],"environment":[],"ephemeral_storage":true,"file_system_config":[],"id":true,"image_config":[],"invoke_arn":true,"last_modified":true,"logging_config":true,"qualified_arn":true,"qualified_invoke_arn":true,"response_streaming_invoke_arn":true,"role":true,"signing_job_arn":true,"signing_profile_version_arn":true,"snap_start":[],"source_code_size":true,"tags":{},"tags_all":{},"tenancy_config":[],"tracing_config":true,"version":true,"vpc_config":[]},"before_sensitive":false,"after_sensitive":{"architectures":[],"capacity_provider_config":[],"dead_letter_config":[],"durable_config":[],"environment":[],"ephemeral_storage":[],"file_system_config":[],"image_config":[],"logging_config":[],"snap_start":[],"tags":{},"tags_all":{},"tenancy_config":[],"tracing_config":[],"vpc_config":[]},"after_identity":{"account_id":null,"function_name":null,"region":null}}},{"address":"aws_lambda_permission.apigw","mode":"managed","type":"aws_lambda_permission","name":"apigw","provider_name":"registry.terraform.io/hashicorp/aws","change":{"actions":["create"],"before":null,"after":{"action":"lambda:InvokeFunction","event_source_token":null,"function_name":"product-api-lambda","function_url_auth_type":null,"invoked_via_function_url":null,"principal":"apigateway.amazonaws.com","principal_org_id":null,"qualifier":null,"region":"us-east-1","source_account":null,"statement_id":"AllowAPIGatewayInvoke"},"after_unknown":{"id":true,"source_arn":true,"statement_id_prefix":true},"before_sensitive":false,"after_sensitive":{},"after_identity":{"account_id":null,"function_name":null,"qualifier":null,"region":null,"statement_id":null}}}],"output_changes":{"lambda_function_name":{"actions":["create"],"before":null,"after":"product-api-lambda","after_unknown":false,"before_sensitive":false,"after_sensitive":false},"rest_api_id":{"actions":["create"],"before":null,"after_unknown":true,"before_sensitive":false,"after_sensitive":false}},"prior_state":{"format_version":"1.0","terraform_version":"1.13.5","values":{"outputs":{"lambda_function_name":{"sensitive":false,"value":"product-api-lambda","type":"string"}},"root_module":{"resources":[{"address":"data.archive_file.lambda_dummy","mode":"data","type":"archive_file","name":"lambda_dummy","provider_name":"registry.terraform.io/hashicorp/archive","schema_version":0,"values":{"exclude_symlink_directories":null,"excludes":null,"id":"58e93fade67637870be5af38eff8d5aa66c7da49","output_base64sha256":"wmbalFzzY/wG3ivChKElOZB3+B4gptmQyIat05p+fU4=","output_base64sha512":"BQYAg1LwEY4tDmry1VoRx6StX0vjH+7LpfB5KAZLVvfJQjioPbBv1QxI6QF6P2U614fU3h9XKBCb9z5Y1ornqA==","output_file_mode":null,"output_md5":"a0dbd832a6a977d6d5b28ea5c85e30fb","output_path":"./.dummy/lambda.zip","output_sha":"58e93fade67637870be5af38eff8d5aa66c7da49","output_sha256":"c266da945cf363fc06de2bc284a125399077f81e20a6d990c886add39a7e7d4e","output_sha512":"0506008352f0118e2d0e6af2d55a11c7a4ad5f4be31feecba5f07928064b56f7c94238a83db06fd50c48e9017a3f653ad787d4de1f5728109bf73e58d68ae7a8","output_size":246,"source":[{"content":"exports.handler = async (event) =\u003e {\n  console.log(\"Dummy lambda invoked\");\n  return { statusCode: 200, body: \"dummy\" };\n};\n","filename":"index.js"}],"source_content":null,"source_content_filename":null,"source_dir":null,"source_file":null,"type":"zip"},"sensitive_values":{"source":[{}]}}]}}},"configuration":{"provider_config":{"archive":{"name":"archive","full_name":"registry.terraform.io/hashicorp/archive","version_constraint":"2.7.1"},"aws":{"name":"aws","full_name":"registry.terraform.io/hashicorp/aws","version_constraint":"6.28.0","expressions":{"region":{"references":["var.region"]}}}},"root_module":{"outputs":{"lambda_function_name":{"expression":{"references":["aws_lambda_function.product_lambda.function_name","aws_lambda_function.product_lambda"]},"description":"Name of the Lambda function"},"rest_api_id":{"expression":{"references":["aws_api_gateway_rest_api.product_api.id","aws_api_gateway_rest_api.product_api"]},"description":"ID of the API Gateway REST API"}},"resources":[{"address":"aws_api_gateway_deployment.product_api_deployment","mode":"managed","type":"aws_api_gateway_deployment","name":"product_api_deployment","provider_config_key":"aws","expressions":{"rest_api_id":{"references":["aws_api_gateway_rest_api.product_api.id","aws_api_gateway_rest_api.product_api"]}},"schema_version":0,"depends_on":["aws_api_gateway_integration.product_post_integration"]},{"address":"aws_api_gateway_integration.product_post_integration","mode":"managed","type":"aws_api_gateway_integration","name":"product_post_integration","provider_config_key":"aws","expressions":{"http_method":{"references":["aws_api_gateway_method.product_post.http_method","aws_api_gateway_method.product_post"]},"integration_http_method":{"constant_value":"POST"},"resource_id":{"references":["aws_api_gateway_resource.product.id","aws_api_gateway_resource.product"]},"rest_api_id":{"references":["aws_api_gateway_rest_api.product_api.id","aws_api_gateway_rest_api.product_api"]},"type":{"constant_value":"AWS_PROXY"},"uri":{"references":["aws_lambda_function.product_lambda.invoke_arn","aws_lambda_function.product_lambda"]}},"schema_version":0},{"address":"aws_api_gateway_method.product_post","mode":"managed","type":"aws_api_gateway_method","name":"product_post","provider_config_key":"aws","expressions":{"authorization":{"constant_value":"NONE"},"http_method":{"constant_value":"POST"},"resource_id":{"references":["aws_api_gateway_resource.product.id","aws_api_gateway_resource.product"]},"rest_api_id":{"references":["aws_api_gateway_rest_api.product_api.id","aws_api_gateway_rest_api.product_api"]}},"schema_version":0},{"address":"aws_api_gateway_resource.product","mode":"managed","type":"aws_api_gateway_resource","name":"product","provider_config_key":"aws","expressions":{"parent_id":{"references":["aws_api_gateway_rest_api.product_api.root_resource_id","aws_api_gateway_rest_api.product_api"]},"path_part":{"constant_value":"productApi"},"rest_api_id":{"references":["aws_api_gateway_rest_api.product_api.id","aws_api_gateway_rest_api.product_api"]}},"schema_version":0},{"address":"aws_api_gateway_rest_api.product_api","mode":"managed","type":"aws_api_gateway_rest_api","name":"product_api","provider_config_key":"aws","expressions":{"description":{"constant_value":"API Gateway for Product Lambda"},"endpoint_configuration":[{"types":{"constant_value":["REGIONAL"]}}],"name":{"references":["var.app_name"]},"tags":{"references":["var.app_name"]}},"schema_version":0},{"address":"aws_api_gateway_stage.dev","mode":"managed","type":"aws_api_gateway_stage","name":"dev","provider_config_key":"aws","expressions":{"deployment_id":{"references":["aws_api_gateway_deployment.product_api_deployment.id","aws_api_gateway_deployment.product_api_deployment"]},"rest_api_id":{"references":["aws_api_gateway_rest_api.product_api.id","aws_api_gateway_rest_api.product_api"]},"stage_name":{"constant_value":"dev"}},"schema_version":0},{"address":"aws_iam_role.lambda_exec","mode":"managed","type":"aws_iam_role","name":"lambda_exec","provider_config_key":"aws","expressions":{"assume_role_policy":{},"name":{"references":["var.app_name"]},"tags":{"references":["var.app_name"]}},"schema_version":0},{"address":"aws_iam_role_policy_attachment.lambda_basic","mode":"managed","type":"aws_iam_role_policy_attachment","name":"lambda_basic","provider_config_key":"aws","expressions":{"policy_arn":{"constant_value":"arn:aws:iam::aws:policy/service-role/AWSLambdaBasicExecutionRole"},"role":{"references":["aws_iam_role.lambda_exec.name","aws_iam_role.lambda_exec"]}},"schema_version":0},{"address":"aws_lambda_function.product_lambda","mode":"managed","type":"aws_lambda_function","name":"product_lambda","provider_config_key":"aws","expressions":{"filename":{"constant_value":"../product-lambda.jar"},"function_name":{"references":["var.app_name"]},"handler":{"constant_value":"example.Handler::handleRequest"},"memory_size":{"constant_value":512},"role":{"references":["aws_iam_role.lambda_exec.arn","aws_iam_role.lambda_exec"]},"runtime":{"constant_value":"java11"},"source_code_hash":{},"tags":{"references":["var.app_name"]},"timeout":{"constant_value":10}},"schema_version":0},{"address":"aws_lambda_permission.apigw","mode":"managed","type":"aws_lambda_permission","name":"apigw","provider_config_key":"aws","expressions":{"action":{"constant_value":"lambda:InvokeFunction"},"function_name":{"references":["aws_lambda_function.product_lambda.function_name","aws_lambda_function.product_lambda"]},"principal":{"constant_value":"apigateway.amazonaws.com"},"source_arn":{"references":["aws_api_gateway_rest_api.product_api.execution_arn","aws_api_gateway_rest_api.product_api"]},"statement_id":{"constant_value":"AllowAPIGatewayInvoke"}},"schema_version":0},{"address":"data.archive_file.lambda_dummy","mode":"data","type":"archive_file","name":"lambda_dummy","provider_config_key":"archive","expressions":{"output_path":{"references":["local.lambda_dummy_zip"]},"source":[{"content":{"constant_value":"exports.handler = async (event) =\u003e {\n  console.log(\"Dummy lambda invoked\");\n  return { statusCode: 200, body: \"dummy\" };\n};\n"},"filename":{"constant_value":"index.js"}}],"type":{"constant_value":"zip"}},"schema_version":0}],"variables":{"app_name":{"default":"product-api","description":"Name of the application"},"region":{"default":"us-east-1","description":"AWS region to deploy into"}}}},"relevant_attributes":[{"resource":"aws_api_gateway_rest_api.product_api","attribute":["root_resource_id"]},{"resource":"aws_lambda_function.product_lambda","attribute":["invoke_arn"]},{"resource":"aws_api_gateway_resource.product","attribute":["id"]},{"resource":"aws_iam_role.lambda_exec","attribute":["name"]},{"resource":"aws_iam_role.lambda_exec","attribute":["arn"]},{"resource":"aws_api_gateway_deployment.product_api_deployment","attribute":["id"]},{"resource":"aws_lambda_function.product_lambda","attribute":["function_name"]},{"resource":"aws_api_gateway_method.product_post","attribute":["http_method"]},{"resource":"aws_api_gateway_rest_api.product_api","attribute":["execution_arn"]},{"resource":"aws_api_gateway_rest_api.product_api","attribute":["id"]}],"timestamp":"2026-01-23T16:01:16Z","applyable":true,"complete":true,"errored":false}
