{
  "version": 4,
  "terraform_version": "1.13.5",
  "serial": 8,
  "lineage": "5776bf15-4373-3424-03d4-acc8ee6221dd",
  "outputs": {},
  "resources": [
    {
      "mode": "data",
      "type": "archive_file",
      "name": "lambda",
      "provider": "provider[\"registry.terraform.io/hashicorp/archive\"]",
      "instances": [
        {
          "schema_version": 0,
          "attributes": {
            "exclude_symlink_directories": null,
            "excludes": null,
            "id": "46fa5c5ef60fbd18855ca451e7ebcd8a9e28254a",
            "output_base64sha256": "n4A7xOd6eEQZBCcT0Ok0Pbk6dsslDSf/uucrtWNnhKg=",
            "output_base64sha512": "O2es21KFBs40F9t2A3qxa4NUUUuOIoPiqsxJn3wv/Jho2abLtkdauOdF4Q3SQfXQsZoRYxkmMl986p1P7aOPZw==",
            "output_file_mode": "0666",
            "output_md5": "9eccd37bdb1040f43120df1557db503d",
            "output_path": "./ssm_backup.zip",
            "output_sha": "46fa5c5ef60fbd18855ca451e7ebcd8a9e28254a",
            "output_sha256": "9f803bc4e77a784419042713d0e9343db93a76cb250d27ffbae72bb5636784a8",
            "output_sha512": "3b67acdb528506ce3417db76037ab16b8354514b8e2283e2aacc499f7c2ffc9868d9a6cbb6475ab8e745e10dd241f5d0b19a11631926325f7cea9d4feda38f67",
            "output_size": 16666514,
            "source": [],
            "source_content": null,
            "source_content_filename": null,
            "source_dir": "./function/",
            "source_file": null,
            "type": "zip"
          },
          "sensitive_attributes": [],
          "identity_schema_version": 0
        }
      ]
    },
    {
      "mode": "data",
      "type": "archive_file",
      "name": "lambda_dummy",
      "provider": "provider[\"registry.terraform.io/hashicorp/archive\"]",
      "instances": [
        {
          "schema_version": 0,
          "attributes": {
            "exclude_symlink_directories": null,
            "excludes": null,
            "id": "58e93fade67637870be5af38eff8d5aa66c7da49",
            "output_base64sha256": "wmbalFzzY/wG3ivChKElOZB3+B4gptmQyIat05p+fU4=",
            "output_base64sha512": "BQYAg1LwEY4tDmry1VoRx6StX0vjH+7LpfB5KAZLVvfJQjioPbBv1QxI6QF6P2U614fU3h9XKBCb9z5Y1ornqA==",
            "output_file_mode": null,
            "output_md5": "a0dbd832a6a977d6d5b28ea5c85e30fb",
            "output_path": "./.dummy/lambda.zip",
            "output_sha": "58e93fade67637870be5af38eff8d5aa66c7da49",
            "output_sha256": "c266da945cf363fc06de2bc284a125399077f81e20a6d990c886add39a7e7d4e",
            "output_sha512": "0506008352f0118e2d0e6af2d55a11c7a4ad5f4be31feecba5f07928064b56f7c94238a83db06fd50c48e9017a3f653ad787d4de1f5728109bf73e58d68ae7a8",
            "output_size": 246,
            "source": [
              {
                "content": "exports.handler = async (event) =\u003e {\n  console.log(\"Dummy lambda invoked\");\n  return { statusCode: 200, body: \"dummy\" };\n};\n",
                "filename": "index.js"
              }
            ],
            "source_content": null,
            "source_content_filename": null,
            "source_dir": null,
            "source_file": null,
            "type": "zip"
          },
          "sensitive_attributes": [],
          "identity_schema_version": 0
        }
      ]
    },
    {
      "mode": "data",
      "type": "aws_kms_key",
      "name": "s3",
      "provider": "provider[\"registry.terraform.io/hashicorp/aws\"]",
      "instances": [
        {
          "schema_version": 0,
          "attributes": {
            "arn": "arn:aws:kms:us-east-1:000000000000:key/faefc46d-d57b-4790-b833-85f60ed1f6ce",
            "aws_account_id": "000000000000",
            "cloud_hsm_cluster_id": "",
            "creation_date": "2026-01-26T23:45:02Z",
            "custom_key_store_id": "",
            "customer_master_key_spec": "SYMMETRIC_DEFAULT",
            "deletion_date": null,
            "description": "",
            "enabled": true,
            "expiration_model": "",
            "grant_tokens": null,
            "id": "faefc46d-d57b-4790-b833-85f60ed1f6ce",
            "key_id": "alias/aws/s3",
            "key_manager": "CUSTOMER",
            "key_spec": "SYMMETRIC_DEFAULT",
            "key_state": "Enabled",
            "key_usage": "ENCRYPT_DECRYPT",
            "multi_region": false,
            "multi_region_configuration": [],
            "origin": "AWS_KMS",
            "pending_deletion_window_in_days": 0,
            "region": "us-east-1",
            "valid_to": null,
            "xks_key_configuration": []
          },
          "sensitive_attributes": [],
          "identity_schema_version": 0
        }
      ]
    },
    {
      "mode": "data",
      "type": "aws_kms_key",
      "name": "ssm",
      "provider": "provider[\"registry.terraform.io/hashicorp/aws\"]",
      "instances": [
        {
          "schema_version": 0,
          "attributes": {
            "arn": "arn:aws:kms:us-east-1:000000000000:key/2c6e35fa-7d27-419e-9044-59832c0a529a",
            "aws_account_id": "000000000000",
            "cloud_hsm_cluster_id": "",
            "creation_date": "2026-01-26T23:45:02Z",
            "custom_key_store_id": "",
            "customer_master_key_spec": "SYMMETRIC_DEFAULT",
            "deletion_date": null,
            "description": "",
            "enabled": true,
            "expiration_model": "",
            "grant_tokens": null,
            "id": "2c6e35fa-7d27-419e-9044-59832c0a529a",
            "key_id": "alias/aws/ssm",
            "key_manager": "CUSTOMER",
            "key_spec": "SYMMETRIC_DEFAULT",
            "key_state": "Enabled",
            "key_usage": "ENCRYPT_DECRYPT",
            "multi_region": false,
            "multi_region_configuration": [],
            "origin": "AWS_KMS",
            "pending_deletion_window_in_days": 0,
            "region": "us-east-1",
            "valid_to": null,
            "xks_key_configuration": []
          },
          "sensitive_attributes": [],
          "identity_schema_version": 0
        }
      ]
    },
    {
      "mode": "managed",
      "type": "aws_cloudwatch_event_rule",
      "name": "this",
      "provider": "provider[\"registry.terraform.io/hashicorp/aws\"]",
      "instances": [
        {
          "schema_version": 1,
          "attributes": {
            "arn": "arn:aws:events:us-east-1:000000000000:rule/607872658-dev-ssm-parameter-store-backup-rule",
            "description": "To invoke the 607872658-dev-ssm-parameter-store-backup Lambda function once daily.",
            "event_bus_name": "default",
            "event_pattern": null,
            "force_destroy": false,
            "id": "607872658-dev-ssm-parameter-store-backup-rule",
            "is_enabled": true,
            "name": "607872658-dev-ssm-parameter-store-backup-rule",
            "name_prefix": "",
            "region": "us-east-1",
            "role_arn": "",
            "schedule_expression": "rate(1 day)",
            "state": "ENABLED",
            "tags": null,
            "tags_all": {
              "Project": "607872658"
            }
          },
          "sensitive_attributes": [],
          "identity_schema_version": 0,
          "identity": {
            "account_id": "000000000000",
            "name": "607872658-dev-ssm-parameter-store-backup-rule",
            "region": "us-east-1"
          },
          "private": "eyJzY2hlbWFfdmVyc2lvbiI6IjEifQ=="
        }
      ]
    },
    {
      "mode": "managed",
      "type": "aws_cloudwatch_event_target",
      "name": "this",
      "provider": "provider[\"registry.terraform.io/hashicorp/aws\"]",
      "instances": [
        {
          "schema_version": 1,
          "attributes": {
            "appsync_target": [],
            "arn": "arn:aws:lambda:us-east-1:000000000000:function:607872658-dev-ssm-parameter-store-backup",
            "batch_target": [],
            "dead_letter_config": [],
            "ecs_target": [],
            "event_bus_name": "default",
            "force_destroy": false,
            "http_target": [],
            "id": "607872658-dev-ssm-parameter-store-backup-rule-InvokeSSMLambda",
            "input": "",
            "input_path": "",
            "input_transformer": [],
            "kinesis_target": [],
            "redshift_target": [],
            "region": "us-east-1",
            "retry_policy": [],
            "role_arn": "",
            "rule": "607872658-dev-ssm-parameter-store-backup-rule",
            "run_command_targets": [],
            "sagemaker_pipeline_target": [],
            "sqs_target": [],
            "target_id": "InvokeSSMLambda"
          },
          "sensitive_attributes": [],
          "identity_schema_version": 0,
          "identity": {
            "account_id": "000000000000",
            "event_bus_name": "default",
            "region": "us-east-1",
            "rule": "607872658-dev-ssm-parameter-store-backup-rule",
            "target_id": "InvokeSSMLambda"
          },
          "private": "eyJzY2hlbWFfdmVyc2lvbiI6IjEifQ==",
          "dependencies": [
            "aws_cloudwatch_event_rule.this",
            "aws_iam_policy.this",
            "aws_iam_role.this",
            "aws_lambda_function.this",
            "data.archive_file.lambda",
            "data.aws_kms_key.s3",
            "data.aws_kms_key.ssm",
            "null_resource.local_package"
          ]
        }
      ]
    },
    {
      "mode": "managed",
      "type": "aws_iam_policy",
      "name": "this",
      "provider": "provider[\"registry.terraform.io/hashicorp/aws\"]",
      "instances": [
        {
          "schema_version": 0,
          "attributes": {
            "arn": "arn:aws:iam::000000000000:policy/607872658-dev-ssm-parameter-store-backup-policy",
            "attachment_count": 0,
            "description": "",
            "id": "arn:aws:iam::000000000000:policy/607872658-dev-ssm-parameter-store-backup-policy",
            "name": "607872658-dev-ssm-parameter-store-backup-policy",
            "name_prefix": "",
            "path": "/",
            "policy": "{\"Statement\":[{\"Action\":[\"ssm:DescribeParameters\",\"ssm:GetParameterHistory\",\"ssm:GetParametersByPath\",\"ssm:GetParameters\",\"ssm:GetParameter\"],\"Effect\":\"Allow\",\"Resource\":\"*\"},{\"Action\":[\"logs:CreateLogGroup\",\"logs:CreateLogStream\",\"logs:PutLogEvents\"],\"Effect\":\"Allow\",\"Resource\":\"*\"},{\"Action\":[\"s3:ListAllMyBuckets\"],\"Effect\":\"Allow\",\"Resource\":\"arn:aws:s3:::*\"},{\"Action\":[\"s3:ListBucket\",\"s3:ListBucketMultipartUploads\",\"s3:GetBucketLocation\",\"s3:AbortMultipartUpload\",\"s3:GetObjectAcl\",\"s3:GetObjectVersion\",\"s3:DeleteObject\",\"s3:DeleteObjectVersion\",\"s3:GetObject\",\"s3:PutObjectAcl\",\"s3:PutObject\",\"s3:GetObjectVersionAcl\"],\"Effect\":\"Allow\",\"Resource\":[\"arn:aws:s3:::607872658-dev-ssm-parameter-store-backups-bucket\",\"arn:aws:s3:::607872658-dev-ssm-parameter-store-backups-bucket/*\"]},{\"Action\":[\"kms:Encrypt\",\"kms:Decrypt\",\"kms:GenerateDataKey\"],\"Effect\":\"Allow\",\"Resource\":[\"arn:aws:kms:us-east-1:000000000000:key/2c6e35fa-7d27-419e-9044-59832c0a529a\",\"arn:aws:kms:us-east-1:000000000000:key/faefc46d-d57b-4790-b833-85f60ed1f6ce\"]}],\"Version\":\"2012-10-17\"}",
            "policy_id": "AA5EWJ25CVYGQCJFXPRRS",
            "tags": null,
            "tags_all": {
              "Project": "607872658"
            }
          },
          "sensitive_attributes": [],
          "identity_schema_version": 0,
          "identity": {
            "arn": "arn:aws:iam::000000000000:policy/607872658-dev-ssm-parameter-store-backup-policy"
          },
          "private": "bnVsbA==",
          "dependencies": [
            "data.aws_kms_key.s3",
            "data.aws_kms_key.ssm"
          ]
        }
      ]
    },
    {
      "mode": "managed",
      "type": "aws_iam_role",
      "name": "this",
      "provider": "provider[\"registry.terraform.io/hashicorp/aws\"]",
      "instances": [
        {
          "schema_version": 0,
          "attributes": {
            "arn": "arn:aws:iam::000000000000:role/607872658-dev-ssm-parameter-store-backup-role",
            "assume_role_policy": "{\"Statement\":[{\"Action\":\"sts:AssumeRole\",\"Effect\":\"Allow\",\"Principal\":{\"Service\":\"lambda.amazonaws.com\"}}],\"Version\":\"2012-10-17\"}",
            "create_date": "2026-01-26T23:45:06Z",
            "description": "",
            "force_detach_policies": false,
            "id": "607872658-dev-ssm-parameter-store-backup-role",
            "inline_policy": [],
            "managed_policy_arns": [
              "arn:aws:iam::000000000000:policy/607872658-dev-ssm-parameter-store-backup-policy"
            ],
            "max_session_duration": 3600,
            "name": "607872658-dev-ssm-parameter-store-backup-role",
            "name_prefix": "",
            "path": "/",
            "permissions_boundary": "",
            "tags": null,
            "tags_all": {
              "Project": "607872658"
            },
            "unique_id": "AROAQAAAAAAAGHRILVQWS"
          },
          "sensitive_attributes": [],
          "identity_schema_version": 0,
          "identity": {
            "account_id": "000000000000",
            "name": "607872658-dev-ssm-parameter-store-backup-role"
          },
          "private": "bnVsbA==",
          "dependencies": [
            "aws_iam_policy.this",
            "data.aws_kms_key.s3",
            "data.aws_kms_key.ssm"
          ]
        }
      ]
    },
    {
      "mode": "managed",
      "type": "aws_lambda_function",
      "name": "this",
      "provider": "provider[\"registry.terraform.io/hashicorp/aws\"]",
      "instances": [
        {
          "schema_version": 0,
          "attributes": {
            "architectures": [
              "x86_64"
            ],
            "arn": "arn:aws:lambda:us-east-1:000000000000:function:607872658-dev-ssm-parameter-store-backup",
            "capacity_provider_config": [],
            "code_sha256": "n4A7xOd6eEQZBCcT0Ok0Pbk6dsslDSf/uucrtWNnhKg=",
            "code_signing_config_arn": "",
            "dead_letter_config": [],
            "description": "To take backup in the `.json` format of all the parameters residing on AWS SSM Parameter Store and store it on an AWS S3 bucket.",
            "durable_config": [],
            "environment": [
              {
                "variables": {
                  "KMS_KEY_ARN": "arn:aws:kms:us-east-1:000000000000:key/faefc46d-d57b-4790-b833-85f60ed1f6ce",
                  "S3_BUCKET": "607872658-dev-ssm-parameter-store-backups-bucket"
                }
              }
            ],
            "ephemeral_storage": [
              {
                "size": 512
              }
            ],
            "file_system_config": [],
            "filename": "./ssm_backup.zip",
            "function_name": "607872658-dev-ssm-parameter-store-backup",
            "handler": "ssm_backup.lambda_handler",
            "id": "607872658-dev-ssm-parameter-store-backup",
            "image_config": [],
            "image_uri": "",
            "invoke_arn": "arn:aws:apigateway:us-east-1:lambda:path/2015-03-31/functions/arn:aws:lambda:us-east-1:000000000000:function:607872658-dev-ssm-parameter-store-backup/invocations",
            "kms_key_arn": "",
            "last_modified": "2026-01-26T23:45:10.111251+0000",
            "layers": null,
            "logging_config": [
              {
                "application_log_level": "",
                "log_format": "Text",
                "log_group": "/aws/lambda/607872658-dev-ssm-parameter-store-backup",
                "system_log_level": ""
              }
            ],
            "memory_size": 128,
            "package_type": "Zip",
            "publish": false,
            "publish_to": null,
            "qualified_arn": "arn:aws:lambda:us-east-1:000000000000:function:607872658-dev-ssm-parameter-store-backup:$LATEST",
            "qualified_invoke_arn": "arn:aws:apigateway:us-east-1:lambda:path/2015-03-31/functions/arn:aws:lambda:us-east-1:000000000000:function:607872658-dev-ssm-parameter-store-backup:$LATEST/invocations",
            "region": "us-east-1",
            "replace_security_groups_on_destroy": null,
            "replacement_security_group_ids": null,
            "reserved_concurrent_executions": -1,
            "role": "arn:aws:iam::000000000000:role/607872658-dev-ssm-parameter-store-backup-role",
            "runtime": "python3.9",
            "s3_bucket": null,
            "s3_key": null,
            "s3_object_version": null,
            "signing_job_arn": "",
            "signing_profile_version_arn": "",
            "skip_destroy": false,
            "snap_start": [],
            "source_code_hash": "n4A7xOd6eEQZBCcT0Ok0Pbk6dsslDSf/uucrtWNnhKg=",
            "source_code_size": 16666514,
            "source_kms_key_arn": "",
            "tags": null,
            "tags_all": {
              "Project": "607872658"
            },
            "tenancy_config": [],
            "timeout": 120,
            "timeouts": null,
            "tracing_config": [
              {
                "mode": "PassThrough"
              }
            ],
            "version": "$LATEST",
            "vpc_config": []
          },
          "sensitive_attributes": [],
          "identity_schema_version": 0,
          "identity": {
            "account_id": "000000000000",
            "function_name": "607872658-dev-ssm-parameter-store-backup",
            "region": "us-east-1"
          },
          "private": "eyJlMmJmYjczMC1lY2FhLTExZTYtOGY4OC0zNDM2M2JjN2M0YzAiOnsiY3JlYXRlIjo2MDAwMDAwMDAwMDAsImRlbGV0ZSI6NjAwMDAwMDAwMDAwLCJ1cGRhdGUiOjYwMDAwMDAwMDAwMH19",
          "dependencies": [
            "aws_iam_policy.this",
            "aws_iam_role.this",
            "data.archive_file.lambda",
            "data.aws_kms_key.s3",
            "data.aws_kms_key.ssm",
            "null_resource.local_package"
          ]
        }
      ]
    },
    {
      "mode": "managed",
      "type": "aws_lambda_permission",
      "name": "cloudwatch",
      "provider": "provider[\"registry.terraform.io/hashicorp/aws\"]",
      "instances": [
        {
          "schema_version": 0,
          "attributes": {
            "action": "lambda:InvokeFunction",
            "event_source_token": null,
            "function_name": "607872658-dev-ssm-parameter-store-backup",
            "function_url_auth_type": null,
            "id": "AllowExecutionFromCloudWatch",
            "principal": "events.amazonaws.com",
            "principal_org_id": null,
            "qualifier": "",
            "region": "us-east-1",
            "source_account": null,
            "source_arn": "arn:aws:events:us-east-1:000000000000:rule/607872658-dev-ssm-parameter-store-backup-rule",
            "statement_id": "AllowExecutionFromCloudWatch",
            "statement_id_prefix": ""
          },
          "sensitive_attributes": [],
          "identity_schema_version": 0,
          "identity": {
            "account_id": "000000000000",
            "function_name": "607872658-dev-ssm-parameter-store-backup",
            "qualifier": null,
            "region": "us-east-1",
            "statement_id": "AllowExecutionFromCloudWatch"
          },
          "private": "bnVsbA==",
          "dependencies": [
            "aws_cloudwatch_event_rule.this",
            "aws_iam_policy.this",
            "aws_iam_role.this",
            "aws_lambda_function.this",
            "data.archive_file.lambda",
            "data.aws_kms_key.s3",
            "data.aws_kms_key.ssm",
            "null_resource.local_package"
          ]
        }
      ]
    },
    {
      "mode": "managed",
      "type": "aws_s3_bucket",
      "name": "this",
      "provider": "provider[\"registry.terraform.io/hashicorp/aws\"]",
      "instances": []
    },
    {
      "mode": "managed",
      "type": "null_resource",
      "name": "local_package",
      "provider": "provider[\"registry.terraform.io/hashicorp/null\"]",
      "instances": [
        {
          "schema_version": 0,
          "attributes": {
            "id": "2696757759028015480",
            "triggers": {
              "always_run": "2026-01-26T23:45:05Z"
            }
          },
          "sensitive_attributes": [],
          "identity_schema_version": 0
        }
      ]
    }
  ],
  "check_results": null
}
