{"format_version":"1.2","terraform_version":"1.13.5","variables":{"app_name":{"value":"ssm-parameter-backup"},"aws_region":{"value":"us-east-1"},"backup_schedule_expression":{"value":"rate(1 day)"},"environment":{"value":"dev"},"s3_force_destroy":{"value":false}},"planned_values":{"outputs":{"backup_bucket_name":{"sensitive":false},"eventbridge_rule_name":{"sensitive":false},"kms_key_arn":{"sensitive":false},"lambda_function_name":{"sensitive":false,"type":"string","value":"ssm-parameter-backup-dev-ssm-backup"}},"root_module":{"resources":[{"address":"aws_cloudwatch_event_rule.schedule","mode":"managed","type":"aws_cloudwatch_event_rule","name":"schedule","provider_name":"registry.terraform.io/hashicorp/aws","schema_version":1,"values":{"description":null,"event_bus_name":"default","event_pattern":null,"force_destroy":false,"is_enabled":null,"name_prefix":"ssm-parameter-backup-dev-schedule-","region":"us-east-1","role_arn":null,"schedule_expression":"rate(1 day)","state":null,"tags":null,"tags_all":{"Environment":"dev","ManagedBy":"terraform","Project":"ssm-parameter-backup"}},"sensitive_values":{"tags_all":{}},"identity_schema_version":0,"identity":{"account_id":null,"name":null,"region":null}},{"address":"aws_cloudwatch_event_target.lambda","mode":"managed","type":"aws_cloudwatch_event_target","name":"lambda","provider_name":"registry.terraform.io/hashicorp/aws","schema_version":1,"values":{"appsync_target":[],"batch_target":[],"dead_letter_config":[],"ecs_target":[],"event_bus_name":"default","force_destroy":false,"http_target":[],"input":null,"input_path":null,"input_transformer":[],"kinesis_target":[],"redshift_target":[],"region":"us-east-1","retry_policy":[],"role_arn":null,"run_command_targets":[],"sagemaker_pipeline_target":[],"sqs_target":[],"target_id":"ssm-backup"},"sensitive_values":{"appsync_target":[],"batch_target":[],"dead_letter_config":[],"ecs_target":[],"http_target":[],"input_transformer":[],"kinesis_target":[],"redshift_target":[],"retry_policy":[],"run_command_targets":[],"sagemaker_pipeline_target":[],"sqs_target":[]},"identity_schema_version":0,"identity":{"account_id":null,"event_bus_name":null,"region":null,"rule":null,"target_id":null}},{"address":"aws_cloudwatch_log_group.lambda","mode":"managed","type":"aws_cloudwatch_log_group","name":"lambda","provider_name":"registry.terraform.io/hashicorp/aws","schema_version":0,"values":{"kms_key_id":null,"name":"/aws/lambda/ssm-parameter-backup-dev-ssm-backup","region":"us-east-1","retention_in_days":14,"skip_destroy":false,"tags":null,"tags_all":{"Environment":"dev","ManagedBy":"terraform","Project":"ssm-parameter-backup"}},"sensitive_values":{"tags_all":{}},"identity_schema_version":0,"identity":{"account_id":null,"name":null,"region":null}},{"address":"aws_iam_role.lambda","mode":"managed","type":"aws_iam_role","name":"lambda","provider_name":"registry.terraform.io/hashicorp/aws","schema_version":0,"values":{"assume_role_policy":"{\"Statement\":[{\"Action\":\"sts:AssumeRole\",\"Effect\":\"Allow\",\"Principal\":{\"Service\":\"lambda.amazonaws.com\"}}],\"Version\":\"2012-10-17\"}","description":null,"force_detach_policies":false,"max_session_duration":3600,"name_prefix":"ssm-parameter-backup-dev-lambda-","path":"/","permissions_boundary":null,"tags":null,"tags_all":{"Environment":"dev","ManagedBy":"terraform","Project":"ssm-parameter-backup"}},"sensitive_values":{"inline_policy":[],"managed_policy_arns":[],"tags_all":{}},"identity_schema_version":0,"identity":{"account_id":null,"name":null}},{"address":"aws_iam_role_policy.lambda","mode":"managed","type":"aws_iam_role_policy","name":"lambda","provider_name":"registry.terraform.io/hashicorp/aws","schema_version":0,"values":{"name_prefix":"ssm-parameter-backup-dev-lambda-policy-"},"sensitive_values":{},"identity_schema_version":0,"identity":{"account_id":null,"name":null,"role":null}},{"address":"aws_kms_alias.backup","mode":"managed","type":"aws_kms_alias","name":"backup","provider_name":"registry.terraform.io/hashicorp/aws","schema_version":0,"values":{"name":"alias/ssm-parameter-backup-dev-ssm-backup","region":"us-east-1"},"sensitive_values":{},"identity_schema_version":0,"identity":{"account_id":null,"name":null,"region":null}},{"address":"aws_kms_key.backup","mode":"managed","type":"aws_kms_key","name":"backup","provider_name":"registry.terraform.io/hashicorp/aws","schema_version":0,"values":{"bypass_policy_lockout_safety_check":false,"custom_key_store_id":null,"customer_master_key_spec":"SYMMETRIC_DEFAULT","deletion_window_in_days":7,"description":"KMS key for encrypting SSM Parameter Store backups in S3","enable_key_rotation":true,"is_enabled":true,"key_usage":"ENCRYPT_DECRYPT","region":"us-east-1","tags":null,"tags_all":{"Environment":"dev","ManagedBy":"terraform","Project":"ssm-parameter-backup"},"timeouts":null,"xks_key_id":null},"sensitive_values":{"tags_all":{}},"identity_schema_version":0,"identity":{"account_id":null,"id":null,"region":null}},{"address":"aws_lambda_function.backup","mode":"managed","type":"aws_lambda_function","name":"backup","provider_name":"registry.terraform.io/hashicorp/aws","schema_version":0,"values":{"capacity_provider_config":[],"code_signing_config_arn":null,"dead_letter_config":[],"description":null,"durable_config":[],"environment":[{}],"file_system_config":[],"filename":"./build/ssm_backup.zip","function_name":"ssm-parameter-backup-dev-ssm-backup","handler":"ssm_backup.lambda_handler","image_config":[],"image_uri":null,"kms_key_arn":null,"layers":null,"memory_size":256,"package_type":"Zip","publish":false,"publish_to":null,"region":"us-east-1","replace_security_groups_on_destroy":null,"replacement_security_group_ids":null,"reserved_concurrent_executions":-1,"runtime":"python3.11","s3_bucket":null,"s3_key":null,"s3_object_version":null,"skip_destroy":false,"snap_start":[],"source_kms_key_arn":null,"tags":null,"tags_all":{"Environment":"dev","ManagedBy":"terraform","Project":"ssm-parameter-backup"},"tenancy_config":[],"timeout":300,"timeouts":null,"vpc_config":[]},"sensitive_values":{"architectures":[],"capacity_provider_config":[],"dead_letter_config":[],"durable_config":[],"environment":[{"variables":{}}],"ephemeral_storage":[],"file_system_config":[],"image_config":[],"logging_config":[],"snap_start":[],"tags_all":{},"tenancy_config":[],"tracing_config":[],"vpc_config":[]},"identity_schema_version":0,"identity":{"account_id":null,"function_name":null,"region":null}},{"address":"aws_lambda_permission.allow_events","mode":"managed","type":"aws_lambda_permission","name":"allow_events","provider_name":"registry.terraform.io/hashicorp/aws","schema_version":0,"values":{"action":"lambda:InvokeFunction","event_source_token":null,"function_name":"ssm-parameter-backup-dev-ssm-backup","function_url_auth_type":null,"invoked_via_function_url":null,"principal":"events.amazonaws.com","principal_org_id":null,"qualifier":null,"region":"us-east-1","source_account":null,"statement_id":"AllowExecutionFromEventBridge"},"sensitive_values":{},"identity_schema_version":0,"identity":{"account_id":null,"function_name":null,"qualifier":null,"region":null,"statement_id":null}},{"address":"aws_s3_bucket.backup","mode":"managed","type":"aws_s3_bucket","name":"backup","provider_name":"registry.terraform.io/hashicorp/aws","schema_version":0,"values":{"bucket_prefix":"ssm-parameter-backup-dev-backups-","force_destroy":false,"region":"us-east-1","tags":null,"tags_all":{"Environment":"dev","ManagedBy":"terraform","Project":"ssm-parameter-backup"},"timeouts":null},"sensitive_values":{"cors_rule":[],"grant":[],"lifecycle_rule":[],"logging":[],"object_lock_configuration":[],"replication_configuration":[],"server_side_encryption_configuration":[],"tags_all":{},"versioning":[],"website":[]},"identity_schema_version":0,"identity":{"account_id":null,"bucket":null,"region":null}},{"address":"aws_s3_bucket_public_access_block.backup","mode":"managed","type":"aws_s3_bucket_public_access_block","name":"backup","provider_name":"registry.terraform.io/hashicorp/aws","schema_version":0,"values":{"block_public_acls":true,"block_public_policy":true,"ignore_public_acls":true,"region":"us-east-1","restrict_public_buckets":true,"skip_destroy":null},"sensitive_values":{},"identity_schema_version":0,"identity":{"account_id":null,"bucket":null,"region":null}},{"address":"aws_s3_bucket_server_side_encryption_configuration.backup","mode":"managed","type":"aws_s3_bucket_server_side_encryption_configuration","name":"backup","provider_name":"registry.terraform.io/hashicorp/aws","schema_version":0,"values":{"expected_bucket_owner":null,"region":"us-east-1","rule":[{"apply_server_side_encryption_by_default":[{"sse_algorithm":"aws:kms"}],"blocked_encryption_types":[],"bucket_key_enabled":null}]},"sensitive_values":{"rule":[{"apply_server_side_encryption_by_default":[{}],"blocked_encryption_types":[]}]},"identity_schema_version":0,"identity":{"account_id":null,"bucket":null,"expected_bucket_owner":null,"region":null}},{"address":"aws_s3_bucket_versioning.backup","mode":"managed","type":"aws_s3_bucket_versioning","name":"backup","provider_name":"registry.terraform.io/hashicorp/aws","schema_version":0,"values":{"expected_bucket_owner":null,"mfa":null,"region":"us-east-1","versioning_configuration":[{"status":"Enabled"}]},"sensitive_values":{"versioning_configuration":[{}]},"identity_schema_version":0,"identity":{"account_id":null,"bucket":null,"expected_bucket_owner":null,"region":null}},{"address":"data.archive_file.lambda_zip","mode":"data","type":"archive_file","name":"lambda_zip","provider_name":"registry.terraform.io/hashicorp/archive","schema_version":0,"values":{"exclude_symlink_directories":null,"excludes":null,"output_file_mode":null,"output_path":"./build/ssm_backup.zip","source":[],"source_content":null,"source_content_filename":null,"source_dir":null,"source_file":"./build/ssm_backup.py","type":"zip"},"sensitive_values":{"source":[]}},{"address":"local_file.lambda_source","mode":"managed","type":"local_file","name":"lambda_source","provider_name":"registry.terraform.io/hashicorp/local","schema_version":0,"values":{"content":"from io import StringIO\nimport boto3\nimport time\nimport os\nimport json\nimport math\nimport traceback\nfrom botocore.exceptions import ClientError\n\ndef get_parameters_from_ssm(ssm_client, params_names, x, tries=1):\n    try:\n        return ssm_client.get_parameters(Names=params_names[((x-1)*10):(x*10)], WithDecryption=True)\n    except ClientError as exception_obj:\n        if exception_obj.response['Error']['Code'] == 'ThrottlingException':\n            if tries \u003c= 3:\n                print(\"Throttling Exception Occured.\")\n                print(\"Retrying.....\")\n                print(\"Attempt No.: \" + str(tries))\n                time.sleep(3)\n                return get_parameters_from_ssm(ssm_client, params_names, x, tries + 1)\n            else:\n                print(\"Attempted 3 Times But No Success.\")\n                print(\"Raising Exception.....\")\n                raise\n        else:\n            raise\n\ndef ssm_backup():\n    # fetch environment variables\n    s3_bucket = os.getenv('S3_BUCKET')\n    kms_key_arn = os.getenv('KMS_KEY_ARN')\n    time_string = time.strftime(\"%Y-%m-%d-%H-%M\")\n\n    # create param variables\n    params = []\n    params_names = []\n    params_values = {}\n    str_params = ''\n\n    # create S3 and SSM clients\n    s3_client = boto3.client('s3')\n    ssm_client = boto3.client('ssm')\n\n    # describe parameters (without values)\n    ssm_paginator = ssm_client.get_paginator('describe_parameters')\n\n    # create page iterator\n    page_iterator = ssm_paginator.paginate()\n\n    # get param names\n    for page in page_iterator:\n        for item in page['Parameters']:\n            params.append(item)\n            params_names.append(item['Name'])\n\n    # get param values\n    params_names_loop = math.ceil(len(params_names) / 10) + 1\n\n    for x in range(1, params_names_loop):\n        response = get_parameters_from_ssm(ssm_client, params_names, x, 1)\n\n        for item in response['Parameters']:\n            params_values[item['Name']] = item['Value']\n\n    # add values to parameters list\n    for param in params:\n        param['Value'] = params_values[param['Name']]\n        str_params += json.dumps(param, default=str) + \",\\n\"\n\n    # fix json string\n    str_params = \"[\\n\" + str_params + \"]\"\n    str_params = str_params.replace(\",\\n]\", \"\\n]\")\n\n    # write to s3 bucket\n    fake_handle = StringIO(str_params)\n    s3_client.put_object(Bucket=s3_bucket, Key=\"backups/parameters-\" + time_string + \".json\", Body=fake_handle.read(), ServerSideEncryption='aws:kms', SSEKMSKeyId=kms_key_arn)\n\n    print(\"Successfully taken the backup of all the parameters residing on AWS SSM Parameter Store.\")\n\ndef lambda_handler(event, context):\n    try:\n        ssm_backup()\n\n        # return success\n        return \"Lambda function executed successfully.\"\n    except Exception as e:\n        # return exception\n        tb = traceback.format_exc()\n        print(tb)\n        return tb\n\n# locally test the code\nif __name__ == \"__main__\":\n    event = []\n    context = []\n    print(lambda_handler(event, context))\n","content_base64":null,"directory_permission":"0777","file_permission":"0777","filename":"./build/ssm_backup.py","sensitive_content":null,"source":null},"sensitive_values":{"sensitive_content":true}}]}},"resource_changes":[{"address":"data.archive_file.lambda_zip","mode":"data","type":"archive_file","name":"lambda_zip","provider_name":"registry.terraform.io/hashicorp/archive","change":{"actions":["read"],"before":null,"after":{"exclude_symlink_directories":null,"excludes":null,"output_file_mode":null,"output_path":"./build/ssm_backup.zip","source":[],"source_content":null,"source_content_filename":null,"source_dir":null,"source_file":"./build/ssm_backup.py","type":"zip"},"after_unknown":{"id":true,"output_base64sha256":true,"output_base64sha512":true,"output_md5":true,"output_sha":true,"output_sha256":true,"output_sha512":true,"output_size":true,"source":[]},"before_sensitive":false,"after_sensitive":{"source":[]}},"action_reason":"read_because_dependency_pending"},{"address":"aws_cloudwatch_event_rule.schedule","mode":"managed","type":"aws_cloudwatch_event_rule","name":"schedule","provider_name":"registry.terraform.io/hashicorp/aws","change":{"actions":["create"],"before":null,"after":{"description":null,"event_bus_name":"default","event_pattern":null,"force_destroy":false,"is_enabled":null,"name_prefix":"ssm-parameter-backup-dev-schedule-","region":"us-east-1","role_arn":null,"schedule_expression":"rate(1 day)","state":null,"tags":null,"tags_all":{"Environment":"dev","ManagedBy":"terraform","Project":"ssm-parameter-backup"}},"after_unknown":{"arn":true,"id":true,"name":true,"tags_all":{}},"before_sensitive":false,"after_sensitive":{"tags_all":{}},"after_identity":{"account_id":null,"name":null,"region":null}}},{"address":"aws_cloudwatch_event_target.lambda","mode":"managed","type":"aws_cloudwatch_event_target","name":"lambda","provider_name":"registry.terraform.io/hashicorp/aws","change":{"actions":["create"],"before":null,"after":{"appsync_target":[],"batch_target":[],"dead_letter_config":[],"ecs_target":[],"event_bus_name":"default","force_destroy":false,"http_target":[],"input":null,"input_path":null,"input_transformer":[],"kinesis_target":[],"redshift_target":[],"region":"us-east-1","retry_policy":[],"role_arn":null,"run_command_targets":[],"sagemaker_pipeline_target":[],"sqs_target":[],"target_id":"ssm-backup"},"after_unknown":{"appsync_target":[],"arn":true,"batch_target":[],"dead_letter_config":[],"ecs_target":[],"http_target":[],"id":true,"input_transformer":[],"kinesis_target":[],"redshift_target":[],"retry_policy":[],"rule":true,"run_command_targets":[],"sagemaker_pipeline_target":[],"sqs_target":[]},"before_sensitive":false,"after_sensitive":{"appsync_target":[],"batch_target":[],"dead_letter_config":[],"ecs_target":[],"http_target":[],"input_transformer":[],"kinesis_target":[],"redshift_target":[],"retry_policy":[],"run_command_targets":[],"sagemaker_pipeline_target":[],"sqs_target":[]},"after_identity":{"account_id":null,"event_bus_name":null,"region":null,"rule":null,"target_id":null}}},{"address":"aws_cloudwatch_log_group.lambda","mode":"managed","type":"aws_cloudwatch_log_group","name":"lambda","provider_name":"registry.terraform.io/hashicorp/aws","change":{"actions":["create"],"before":null,"after":{"kms_key_id":null,"name":"/aws/lambda/ssm-parameter-backup-dev-ssm-backup","region":"us-east-1","retention_in_days":14,"skip_destroy":false,"tags":null,"tags_all":{"Environment":"dev","ManagedBy":"terraform","Project":"ssm-parameter-backup"}},"after_unknown":{"arn":true,"deletion_protection_enabled":true,"id":true,"log_group_class":true,"name_prefix":true,"tags_all":{}},"before_sensitive":false,"after_sensitive":{"tags_all":{}},"after_identity":{"account_id":null,"name":null,"region":null}}},{"address":"aws_iam_role.lambda","mode":"managed","type":"aws_iam_role","name":"lambda","provider_name":"registry.terraform.io/hashicorp/aws","change":{"actions":["create"],"before":null,"after":{"assume_role_policy":"{\"Statement\":[{\"Action\":\"sts:AssumeRole\",\"Effect\":\"Allow\",\"Principal\":{\"Service\":\"lambda.amazonaws.com\"}}],\"Version\":\"2012-10-17\"}","description":null,"force_detach_policies":false,"max_session_duration":3600,"name_prefix":"ssm-parameter-backup-dev-lambda-","path":"/","permissions_boundary":null,"tags":null,"tags_all":{"Environment":"dev","ManagedBy":"terraform","Project":"ssm-parameter-backup"}},"after_unknown":{"arn":true,"create_date":true,"id":true,"inline_policy":true,"managed_policy_arns":true,"name":true,"tags_all":{},"unique_id":true},"before_sensitive":false,"after_sensitive":{"inline_policy":[],"managed_policy_arns":[],"tags_all":{}},"after_identity":{"account_id":null,"name":null}}},{"address":"aws_iam_role_policy.lambda","mode":"managed","type":"aws_iam_role_policy","name":"lambda","provider_name":"registry.terraform.io/hashicorp/aws","change":{"actions":["create"],"before":null,"after":{"name_prefix":"ssm-parameter-backup-dev-lambda-policy-"},"after_unknown":{"id":true,"name":true,"policy":true,"role":true},"before_sensitive":false,"after_sensitive":{},"after_identity":{"account_id":null,"name":null,"role":null}}},{"address":"aws_kms_alias.backup","mode":"managed","type":"aws_kms_alias","name":"backup","provider_name":"registry.terraform.io/hashicorp/aws","change":{"actions":["create"],"before":null,"after":{"name":"alias/ssm-parameter-backup-dev-ssm-backup","region":"us-east-1"},"after_unknown":{"arn":true,"id":true,"name_prefix":true,"target_key_arn":true,"target_key_id":true},"before_sensitive":false,"after_sensitive":{},"after_identity":{"account_id":null,"name":null,"region":null}}},{"address":"aws_kms_key.backup","mode":"managed","type":"aws_kms_key","name":"backup","provider_name":"registry.terraform.io/hashicorp/aws","change":{"actions":["create"],"before":null,"after":{"bypass_policy_lockout_safety_check":false,"custom_key_store_id":null,"customer_master_key_spec":"SYMMETRIC_DEFAULT","deletion_window_in_days":7,"description":"KMS key for encrypting SSM Parameter Store backups in S3","enable_key_rotation":true,"is_enabled":true,"key_usage":"ENCRYPT_DECRYPT","region":"us-east-1","tags":null,"tags_all":{"Environment":"dev","ManagedBy":"terraform","Project":"ssm-parameter-backup"},"timeouts":null,"xks_key_id":null},"after_unknown":{"arn":true,"id":true,"key_id":true,"multi_region":true,"policy":true,"rotation_period_in_days":true,"tags_all":{}},"before_sensitive":false,"after_sensitive":{"tags_all":{}},"after_identity":{"account_id":null,"id":null,"region":null}}},{"address":"aws_lambda_function.backup","mode":"managed","type":"aws_lambda_function","name":"backup","provider_name":"registry.terraform.io/hashicorp/aws","change":{"actions":["create"],"before":null,"after":{"capacity_provider_config":[],"code_signing_config_arn":null,"dead_letter_config":[],"description":null,"durable_config":[],"environment":[{}],"file_system_config":[],"filename":"./build/ssm_backup.zip","function_name":"ssm-parameter-backup-dev-ssm-backup","handler":"ssm_backup.lambda_handler","image_config":[],"image_uri":null,"kms_key_arn":null,"layers":null,"memory_size":256,"package_type":"Zip","publish":false,"publish_to":null,"region":"us-east-1","replace_security_groups_on_destroy":null,"replacement_security_group_ids":null,"reserved_concurrent_executions":-1,"runtime":"python3.11","s3_bucket":null,"s3_key":null,"s3_object_version":null,"skip_destroy":false,"snap_start":[],"source_kms_key_arn":null,"tags":null,"tags_all":{"Environment":"dev","ManagedBy":"terraform","Project":"ssm-parameter-backup"},"tenancy_config":[],"timeout":300,"timeouts":null,"vpc_config":[]},"after_unknown":{"architectures":true,"arn":true,"capacity_provider_config":[],"code_sha256":true,"dead_letter_config":[],"durable_config":[],"environment":[{"variables":true}],"ephemeral_storage":true,"file_system_config":[],"id":true,"image_config":[],"invoke_arn":true,"last_modified":true,"logging_config":true,"qualified_arn":true,"qualified_invoke_arn":true,"response_streaming_invoke_arn":true,"role":true,"signing_job_arn":true,"signing_profile_version_arn":true,"snap_start":[],"source_code_hash":true,"source_code_size":true,"tags_all":{},"tenancy_config":[],"tracing_config":true,"version":true,"vpc_config":[]},"before_sensitive":false,"after_sensitive":{"architectures":[],"capacity_provider_config":[],"dead_letter_config":[],"durable_config":[],"environment":[{"variables":{}}],"ephemeral_storage":[],"file_system_config":[],"image_config":[],"logging_config":[],"snap_start":[],"tags_all":{},"tenancy_config":[],"tracing_config":[],"vpc_config":[]},"after_identity":{"account_id":null,"function_name":null,"region":null}}},{"address":"aws_lambda_permission.allow_events","mode":"managed","type":"aws_lambda_permission","name":"allow_events","provider_name":"registry.terraform.io/hashicorp/aws","change":{"actions":["create"],"before":null,"after":{"action":"lambda:InvokeFunction","event_source_token":null,"function_name":"ssm-parameter-backup-dev-ssm-backup","function_url_auth_type":null,"invoked_via_function_url":null,"principal":"events.amazonaws.com","principal_org_id":null,"qualifier":null,"region":"us-east-1","source_account":null,"statement_id":"AllowExecutionFromEventBridge"},"after_unknown":{"id":true,"source_arn":true,"statement_id_prefix":true},"before_sensitive":false,"after_sensitive":{},"after_identity":{"account_id":null,"function_name":null,"qualifier":null,"region":null,"statement_id":null}}},{"address":"aws_s3_bucket.backup","mode":"managed","type":"aws_s3_bucket","name":"backup","provider_name":"registry.terraform.io/hashicorp/aws","change":{"actions":["create"],"before":null,"after":{"bucket_prefix":"ssm-parameter-backup-dev-backups-","force_destroy":false,"region":"us-east-1","tags":null,"tags_all":{"Environment":"dev","ManagedBy":"terraform","Project":"ssm-parameter-backup"},"timeouts":null},"after_unknown":{"acceleration_status":true,"acl":true,"arn":true,"bucket":true,"bucket_domain_name":true,"bucket_region":true,"bucket_regional_domain_name":true,"cors_rule":true,"grant":true,"hosted_zone_id":true,"id":true,"lifecycle_rule":true,"logging":true,"object_lock_configuration":true,"object_lock_enabled":true,"policy":true,"replication_configuration":true,"request_payer":true,"server_side_encryption_configuration":true,"tags_all":{},"versioning":true,"website":true,"website_domain":true,"website_endpoint":true},"before_sensitive":false,"after_sensitive":{"cors_rule":[],"grant":[],"lifecycle_rule":[],"logging":[],"object_lock_configuration":[],"replication_configuration":[],"server_side_encryption_configuration":[],"tags_all":{},"versioning":[],"website":[]},"after_identity":{"account_id":null,"bucket":null,"region":null}}},{"address":"aws_s3_bucket_public_access_block.backup","mode":"managed","type":"aws_s3_bucket_public_access_block","name":"backup","provider_name":"registry.terraform.io/hashicorp/aws","change":{"actions":["create"],"before":null,"after":{"block_public_acls":true,"block_public_policy":true,"ignore_public_acls":true,"region":"us-east-1","restrict_public_buckets":true,"skip_destroy":null},"after_unknown":{"bucket":true,"id":true},"before_sensitive":false,"after_sensitive":{},"after_identity":{"account_id":null,"bucket":null,"region":null}}},{"address":"aws_s3_bucket_server_side_encryption_configuration.backup","mode":"managed","type":"aws_s3_bucket_server_side_encryption_configuration","name":"backup","provider_name":"registry.terraform.io/hashicorp/aws","change":{"actions":["create"],"before":null,"after":{"expected_bucket_owner":null,"region":"us-east-1","rule":[{"apply_server_side_encryption_by_default":[{"sse_algorithm":"aws:kms"}],"blocked_encryption_types":[],"bucket_key_enabled":null}]},"after_unknown":{"bucket":true,"id":true,"rule":[{"apply_server_side_encryption_by_default":[{"kms_master_key_id":true}],"blocked_encryption_types":[]}]},"before_sensitive":false,"after_sensitive":{"rule":[{"apply_server_side_encryption_by_default":[{}],"blocked_encryption_types":[]}]},"after_identity":{"account_id":null,"bucket":null,"expected_bucket_owner":null,"region":null}}},{"address":"aws_s3_bucket_versioning.backup","mode":"managed","type":"aws_s3_bucket_versioning","name":"backup","provider_name":"registry.terraform.io/hashicorp/aws","change":{"actions":["create"],"before":null,"after":{"expected_bucket_owner":null,"mfa":null,"region":"us-east-1","versioning_configuration":[{"status":"Enabled"}]},"after_unknown":{"bucket":true,"id":true,"versioning_configuration":[{"mfa_delete":true}]},"before_sensitive":false,"after_sensitive":{"versioning_configuration":[{}]},"after_identity":{"account_id":null,"bucket":null,"expected_bucket_owner":null,"region":null}}},{"address":"local_file.lambda_source","mode":"managed","type":"local_file","name":"lambda_source","provider_name":"registry.terraform.io/hashicorp/local","change":{"actions":["create"],"before":null,"after":{"content":"from io import StringIO\nimport boto3\nimport time\nimport os\nimport json\nimport math\nimport traceback\nfrom botocore.exceptions import ClientError\n\ndef get_parameters_from_ssm(ssm_client, params_names, x, tries=1):\n    try:\n        return ssm_client.get_parameters(Names=params_names[((x-1)*10):(x*10)], WithDecryption=True)\n    except ClientError as exception_obj:\n        if exception_obj.response['Error']['Code'] == 'ThrottlingException':\n            if tries \u003c= 3:\n                print(\"Throttling Exception Occured.\")\n                print(\"Retrying.....\")\n                print(\"Attempt No.: \" + str(tries))\n                time.sleep(3)\n                return get_parameters_from_ssm(ssm_client, params_names, x, tries + 1)\n            else:\n                print(\"Attempted 3 Times But No Success.\")\n                print(\"Raising Exception.....\")\n                raise\n        else:\n            raise\n\ndef ssm_backup():\n    # fetch environment variables\n    s3_bucket = os.getenv('S3_BUCKET')\n    kms_key_arn = os.getenv('KMS_KEY_ARN')\n    time_string = time.strftime(\"%Y-%m-%d-%H-%M\")\n\n    # create param variables\n    params = []\n    params_names = []\n    params_values = {}\n    str_params = ''\n\n    # create S3 and SSM clients\n    s3_client = boto3.client('s3')\n    ssm_client = boto3.client('ssm')\n\n    # describe parameters (without values)\n    ssm_paginator = ssm_client.get_paginator('describe_parameters')\n\n    # create page iterator\n    page_iterator = ssm_paginator.paginate()\n\n    # get param names\n    for page in page_iterator:\n        for item in page['Parameters']:\n            params.append(item)\n            params_names.append(item['Name'])\n\n    # get param values\n    params_names_loop = math.ceil(len(params_names) / 10) + 1\n\n    for x in range(1, params_names_loop):\n        response = get_parameters_from_ssm(ssm_client, params_names, x, 1)\n\n        for item in response['Parameters']:\n            params_values[item['Name']] = item['Value']\n\n    # add values to parameters list\n    for param in params:\n        param['Value'] = params_values[param['Name']]\n        str_params += json.dumps(param, default=str) + \",\\n\"\n\n    # fix json string\n    str_params = \"[\\n\" + str_params + \"]\"\n    str_params = str_params.replace(\",\\n]\", \"\\n]\")\n\n    # write to s3 bucket\n    fake_handle = StringIO(str_params)\n    s3_client.put_object(Bucket=s3_bucket, Key=\"backups/parameters-\" + time_string + \".json\", Body=fake_handle.read(), ServerSideEncryption='aws:kms', SSEKMSKeyId=kms_key_arn)\n\n    print(\"Successfully taken the backup of all the parameters residing on AWS SSM Parameter Store.\")\n\ndef lambda_handler(event, context):\n    try:\n        ssm_backup()\n\n        # return success\n        return \"Lambda function executed successfully.\"\n    except Exception as e:\n        # return exception\n        tb = traceback.format_exc()\n        print(tb)\n        return tb\n\n# locally test the code\nif __name__ == \"__main__\":\n    event = []\n    context = []\n    print(lambda_handler(event, context))\n","content_base64":null,"directory_permission":"0777","file_permission":"0777","filename":"./build/ssm_backup.py","sensitive_content":null,"source":null},"after_unknown":{"content_base64sha256":true,"content_base64sha512":true,"content_md5":true,"content_sha1":true,"content_sha256":true,"content_sha512":true,"id":true},"before_sensitive":false,"after_sensitive":{"sensitive_content":true}}}],"output_changes":{"backup_bucket_name":{"actions":["create"],"before":null,"after_unknown":true,"before_sensitive":false,"after_sensitive":false},"eventbridge_rule_name":{"actions":["create"],"before":null,"after_unknown":true,"before_sensitive":false,"after_sensitive":false},"kms_key_arn":{"actions":["create"],"before":null,"after_unknown":true,"before_sensitive":false,"after_sensitive":false},"lambda_function_name":{"actions":["create"],"before":null,"after":"ssm-parameter-backup-dev-ssm-backup","after_unknown":false,"before_sensitive":false,"after_sensitive":false}},"prior_state":{"format_version":"1.0","terraform_version":"1.13.5","values":{"outputs":{"lambda_function_name":{"sensitive":false,"value":"ssm-parameter-backup-dev-ssm-backup","type":"string"}},"root_module":{"resources":[{"address":"data.archive_file.lambda_dummy","mode":"data","type":"archive_file","name":"lambda_dummy","provider_name":"registry.terraform.io/hashicorp/archive","schema_version":0,"values":{"exclude_symlink_directories":null,"excludes":null,"id":"58e93fade67637870be5af38eff8d5aa66c7da49","output_base64sha256":"wmbalFzzY/wG3ivChKElOZB3+B4gptmQyIat05p+fU4=","output_base64sha512":"BQYAg1LwEY4tDmry1VoRx6StX0vjH+7LpfB5KAZLVvfJQjioPbBv1QxI6QF6P2U614fU3h9XKBCb9z5Y1ornqA==","output_file_mode":null,"output_md5":"a0dbd832a6a977d6d5b28ea5c85e30fb","output_path":"./.dummy/lambda.zip","output_sha":"58e93fade67637870be5af38eff8d5aa66c7da49","output_sha256":"c266da945cf363fc06de2bc284a125399077f81e20a6d990c886add39a7e7d4e","output_sha512":"0506008352f0118e2d0e6af2d55a11c7a4ad5f4be31feecba5f07928064b56f7c94238a83db06fd50c48e9017a3f653ad787d4de1f5728109bf73e58d68ae7a8","output_size":246,"source":[{"content":"exports.handler = async (event) =\u003e {\n  console.log(\"Dummy lambda invoked\");\n  return { statusCode: 200, body: \"dummy\" };\n};\n","filename":"index.js"}],"source_content":null,"source_content_filename":null,"source_dir":null,"source_file":null,"type":"zip"},"sensitive_values":{"source":[{}]}},{"address":"data.aws_caller_identity.current","mode":"data","type":"aws_caller_identity","name":"current","provider_name":"registry.terraform.io/hashicorp/aws","schema_version":0,"values":{"account_id":"000000000000","arn":"arn:aws:iam::000000000000:root","id":"000000000000","user_id":"AKIAIOSFODNN7EXAMPLE"},"sensitive_values":{}},{"address":"data.aws_partition.current","mode":"data","type":"aws_partition","name":"current","provider_name":"registry.terraform.io/hashicorp/aws","schema_version":0,"values":{"dns_suffix":"amazonaws.com","id":"aws","partition":"aws","reverse_dns_prefix":"com.amazonaws"},"sensitive_values":{}},{"address":"data.aws_region.current","mode":"data","type":"aws_region","name":"current","provider_name":"registry.terraform.io/hashicorp/aws","schema_version":0,"values":{"description":"US East (N. Virginia)","endpoint":"ec2.us-east-1.amazonaws.com","id":"us-east-1","name":"us-east-1","region":"us-east-1"},"sensitive_values":{}}]}}},"configuration":{"provider_config":{"archive":{"name":"archive","full_name":"registry.terraform.io/hashicorp/archive","version_constraint":"\u003e= 2.4.0"},"aws":{"name":"aws","full_name":"registry.terraform.io/hashicorp/aws","version_constraint":"\u003e= 5.0.0","expressions":{"default_tags":[{"tags":{"references":["var.app_name","var.environment"]}}],"region":{"references":["var.aws_region"]}}},"local":{"name":"local","full_name":"registry.terraform.io/hashicorp/local"}},"root_module":{"outputs":{"backup_bucket_name":{"expression":{"references":["aws_s3_bucket.backup.bucket","aws_s3_bucket.backup"]},"description":"S3 bucket where SSM Parameter Store backups are stored"},"eventbridge_rule_name":{"expression":{"references":["aws_cloudwatch_event_rule.schedule.name","aws_cloudwatch_event_rule.schedule"]},"description":"EventBridge rule that triggers the backup"},"kms_key_arn":{"expression":{"references":["aws_kms_key.backup.arn","aws_kms_key.backup"]},"description":"KMS key ARN used for S3 server-side encryption"},"lambda_function_name":{"expression":{"references":["aws_lambda_function.backup.function_name","aws_lambda_function.backup"]},"description":"Lambda function name that performs the backup"}},"resources":[{"address":"aws_cloudwatch_event_rule.schedule","mode":"managed","type":"aws_cloudwatch_event_rule","name":"schedule","provider_config_key":"aws","expressions":{"name_prefix":{"references":["local.name_prefix"]},"schedule_expression":{"references":["var.backup_schedule_expression"]}},"schema_version":1},{"address":"aws_cloudwatch_event_target.lambda","mode":"managed","type":"aws_cloudwatch_event_target","name":"lambda","provider_config_key":"aws","expressions":{"arn":{"references":["aws_lambda_function.backup.arn","aws_lambda_function.backup"]},"rule":{"references":["aws_cloudwatch_event_rule.schedule.name","aws_cloudwatch_event_rule.schedule"]},"target_id":{"constant_value":"ssm-backup"}},"schema_version":1},{"address":"aws_cloudwatch_log_group.lambda","mode":"managed","type":"aws_cloudwatch_log_group","name":"lambda","provider_config_key":"aws","expressions":{"name":{"references":["aws_lambda_function.backup.function_name","aws_lambda_function.backup"]},"retention_in_days":{"constant_value":14}},"schema_version":0},{"address":"aws_iam_role.lambda","mode":"managed","type":"aws_iam_role","name":"lambda","provider_config_key":"aws","expressions":{"assume_role_policy":{},"name_prefix":{"references":["local.name_prefix"]}},"schema_version":0},{"address":"aws_iam_role_policy.lambda","mode":"managed","type":"aws_iam_role_policy","name":"lambda","provider_config_key":"aws","expressions":{"name_prefix":{"references":["local.name_prefix"]},"policy":{"references":["aws_s3_bucket.backup.arn","aws_s3_bucket.backup","aws_kms_key.backup.arn","aws_kms_key.backup"]},"role":{"references":["aws_iam_role.lambda.id","aws_iam_role.lambda"]}},"schema_version":0},{"address":"aws_kms_alias.backup","mode":"managed","type":"aws_kms_alias","name":"backup","provider_config_key":"aws","expressions":{"name":{"references":["local.name_prefix"]},"target_key_id":{"references":["aws_kms_key.backup.key_id","aws_kms_key.backup"]}},"schema_version":0},{"address":"aws_kms_key.backup","mode":"managed","type":"aws_kms_key","name":"backup","provider_config_key":"aws","expressions":{"deletion_window_in_days":{"constant_value":7},"description":{"constant_value":"KMS key for encrypting SSM Parameter Store backups in S3"},"enable_key_rotation":{"constant_value":true}},"schema_version":0},{"address":"aws_lambda_function.backup","mode":"managed","type":"aws_lambda_function","name":"backup","provider_config_key":"aws","expressions":{"environment":[{"variables":{"references":["aws_s3_bucket.backup.bucket","aws_s3_bucket.backup","aws_kms_key.backup.arn","aws_kms_key.backup"]}}],"filename":{"references":["data.archive_file.lambda_zip.output_path","data.archive_file.lambda_zip"]},"function_name":{"references":["local.name_prefix"]},"handler":{"constant_value":"ssm_backup.lambda_handler"},"memory_size":{"constant_value":256},"role":{"references":["aws_iam_role.lambda.arn","aws_iam_role.lambda"]},"runtime":{"constant_value":"python3.11"},"source_code_hash":{"references":["data.archive_file.lambda_zip.output_base64sha256","data.archive_file.lambda_zip"]},"timeout":{"constant_value":300}},"schema_version":0,"depends_on":["aws_iam_role_policy.lambda"]},{"address":"aws_lambda_permission.allow_events","mode":"managed","type":"aws_lambda_permission","name":"allow_events","provider_config_key":"aws","expressions":{"action":{"constant_value":"lambda:InvokeFunction"},"function_name":{"references":["aws_lambda_function.backup.function_name","aws_lambda_function.backup"]},"principal":{"constant_value":"events.amazonaws.com"},"source_arn":{"references":["aws_cloudwatch_event_rule.schedule.arn","aws_cloudwatch_event_rule.schedule"]},"statement_id":{"constant_value":"AllowExecutionFromEventBridge"}},"schema_version":0},{"address":"aws_s3_bucket.backup","mode":"managed","type":"aws_s3_bucket","name":"backup","provider_config_key":"aws","expressions":{"bucket_prefix":{"references":["local.name_prefix"]},"force_destroy":{"references":["var.s3_force_destroy"]}},"schema_version":0},{"address":"aws_s3_bucket_public_access_block.backup","mode":"managed","type":"aws_s3_bucket_public_access_block","name":"backup","provider_config_key":"aws","expressions":{"block_public_acls":{"constant_value":true},"block_public_policy":{"constant_value":true},"bucket":{"references":["aws_s3_bucket.backup.id","aws_s3_bucket.backup"]},"ignore_public_acls":{"constant_value":true},"restrict_public_buckets":{"constant_value":true}},"schema_version":0},{"address":"aws_s3_bucket_server_side_encryption_configuration.backup","mode":"managed","type":"aws_s3_bucket_server_side_encryption_configuration","name":"backup","provider_config_key":"aws","expressions":{"bucket":{"references":["aws_s3_bucket.backup.id","aws_s3_bucket.backup"]},"rule":[{"apply_server_side_encryption_by_default":[{"kms_master_key_id":{"references":["aws_kms_key.backup.arn","aws_kms_key.backup"]},"sse_algorithm":{"constant_value":"aws:kms"}}]}]},"schema_version":0},{"address":"aws_s3_bucket_versioning.backup","mode":"managed","type":"aws_s3_bucket_versioning","name":"backup","provider_config_key":"aws","expressions":{"bucket":{"references":["aws_s3_bucket.backup.id","aws_s3_bucket.backup"]},"versioning_configuration":[{"status":{"constant_value":"Enabled"}}]},"schema_version":0},{"address":"local_file.lambda_source","mode":"managed","type":"local_file","name":"lambda_source","provider_config_key":"local","expressions":{"content":{"references":["path.root"]},"filename":{"references":["path.module"]}},"schema_version":0},{"address":"data.archive_file.lambda_dummy","mode":"data","type":"archive_file","name":"lambda_dummy","provider_config_key":"archive","expressions":{"output_path":{"references":["local.lambda_dummy_zip"]},"source":[{"content":{"constant_value":"exports.handler = async (event) =\u003e {\n  console.log(\"Dummy lambda invoked\");\n  return { statusCode: 200, body: \"dummy\" };\n};\n"},"filename":{"constant_value":"index.js"}}],"type":{"constant_value":"zip"}},"schema_version":0},{"address":"data.archive_file.lambda_zip","mode":"data","type":"archive_file","name":"lambda_zip","provider_config_key":"archive","expressions":{"output_path":{"references":["path.module"]},"source_file":{"references":["local_file.lambda_source.filename","local_file.lambda_source"]},"type":{"constant_value":"zip"}},"schema_version":0},{"address":"data.aws_caller_identity.current","mode":"data","type":"aws_caller_identity","name":"current","provider_config_key":"aws","schema_version":0},{"address":"data.aws_partition.current","mode":"data","type":"aws_partition","name":"current","provider_config_key":"aws","schema_version":0},{"address":"data.aws_region.current","mode":"data","type":"aws_region","name":"current","provider_config_key":"aws","schema_version":0}],"variables":{"app_name":{"default":"ssm-parameter-backup","description":"Application / project name used for naming"},"aws_region":{"default":"us-east-1","description":"AWS region to deploy into"},"backup_schedule_expression":{"default":"rate(1 day)","description":"EventBridge schedule expression for running the backup"},"environment":{"default":"dev","description":"Environment name (e.g., dev, staging, prod)"},"s3_force_destroy":{"default":false,"description":"Whether to allow Terraform to destroy the backup bucket even if it contains objects"}}}},"relevant_attributes":[{"resource":"data.archive_file.lambda_zip","attribute":["output_base64sha256"]},{"resource":"data.archive_file.lambda_zip","attribute":["output_path"]},{"resource":"aws_kms_key.backup","attribute":["key_id"]},{"resource":"aws_lambda_function.backup","attribute":["arn"]},{"resource":"aws_s3_bucket.backup","attribute":["bucket"]},{"resource":"aws_cloudwatch_event_rule.schedule","attribute":["arn"]},{"resource":"aws_iam_role.lambda","attribute":["arn"]},{"resource":"aws_s3_bucket.backup","attribute":["id"]},{"resource":"aws_cloudwatch_event_rule.schedule","attribute":["name"]},{"resource":"aws_lambda_function.backup","attribute":["function_name"]},{"resource":"aws_iam_role.lambda","attribute":["id"]},{"resource":"aws_kms_key.backup","attribute":["arn"]},{"resource":"aws_s3_bucket.backup","attribute":["arn"]},{"resource":"local_file.lambda_source","attribute":["filename"]}],"timestamp":"2026-01-26T23:49:41Z","applyable":true,"complete":true,"errored":false}
