module.eks.data.aws_caller_identity.current[0]: Reading...
module.eks.data.aws_partition.current[0]: Reading...
module.eks_irsa.data.aws_partition.current: Reading...
module.eks.data.aws_iam_policy_document.assume_role_policy[0]: Reading...
module.eks_irsa.data.aws_caller_identity.current: Reading...
module.eks.module.kms.data.aws_caller_identity.current[0]: Reading...
module.eks.module.kms.data.aws_partition.current[0]: Reading...
module.eks.data.aws_iam_policy_document.assume_role_policy[0]: Read complete after 0s [id=2830595799]
module.eks.module.kms.data.aws_partition.current[0]: Read complete after 0s [id=aws]
module.eks.data.aws_partition.current[0]: Read complete after 0s [id=aws]
module.eks_irsa.data.aws_partition.current: Read complete after 0s [id=aws]
module.eks.data.aws_caller_identity.current[0]: Read complete after 0s [id=000000000000]
module.eks_irsa.data.aws_caller_identity.current: Read complete after 0s [id=000000000000]
module.eks.module.kms.data.aws_caller_identity.current[0]: Read complete after 0s [id=000000000000]
module.eks.data.aws_iam_session_context.current[0]: Reading...
module.eks.data.aws_iam_session_context.current[0]: Read complete after 0s [id=arn:aws:iam::000000000000:root]
module.eks.module.eks_managed_node_group["default"].data.aws_iam_policy_document.assume_role_policy[0]: Reading...
module.eks.module.eks_managed_node_group["default"].data.aws_iam_policy_document.assume_role_policy[0]: Read complete after 0s [id=2560088296]
data.aws_eks_cluster_auth.cluster: Reading...
data.aws_eks_cluster.cluster: Reading...
data.aws_eks_cluster_auth.cluster: Read complete after 0s [id=app-eks-cluster]
module.eks.module.eks_managed_node_group["default"].data.aws_ssm_parameter.ami[0]: Reading...

Terraform used the selected providers to generate the following execution
plan. Resource actions are indicated with the following symbols:
  + create
 <= read (data resources)

Terraform planned the following actions, but then encountered a problem:

  # aws_db_instance.postgres will be created
  + resource "aws_db_instance" "postgres" {
      + address                               = (known after apply)
      + allocated_storage                     = 20
      + apply_immediately                     = false
      + arn                                   = (known after apply)
      + auto_minor_version_upgrade            = true
      + availability_zone                     = (known after apply)
      + backup_retention_period               = (known after apply)
      + backup_target                         = (known after apply)
      + backup_window                         = (known after apply)
      + ca_cert_identifier                    = (known after apply)
      + character_set_name                    = (known after apply)
      + copy_tags_to_snapshot                 = false
      + database_insights_mode                = (known after apply)
      + db_name                               = "appdb"
      + db_subnet_group_name                  = "app-db-subnet-group"
      + dedicated_log_volume                  = false
      + delete_automated_backups              = true
      + domain_fqdn                           = (known after apply)
      + endpoint                              = (known after apply)
      + engine                                = "postgres"
      + engine_lifecycle_support              = (known after apply)
      + engine_version                        = "15.4"
      + engine_version_actual                 = (known after apply)
      + hosted_zone_id                        = (known after apply)
      + id                                    = (known after apply)
      + identifier                            = "app-postgres-db"
      + identifier_prefix                     = (known after apply)
      + instance_class                        = "db.t3.micro"
      + iops                                  = (known after apply)
      + kms_key_id                            = (known after apply)
      + latest_restorable_time                = (known after apply)
      + license_model                         = (known after apply)
      + listener_endpoint                     = (known after apply)
      + maintenance_window                    = (known after apply)
      + master_user_secret                    = (known after apply)
      + master_user_secret_kms_key_id         = (known after apply)
      + max_allocated_storage                 = 100
      + monitoring_interval                   = 0
      + monitoring_role_arn                   = (known after apply)
      + multi_az                              = true
      + nchar_character_set_name              = (known after apply)
      + network_type                          = (known after apply)
      + option_group_name                     = (known after apply)
      + parameter_group_name                  = (known after apply)
      + password                              = (sensitive value)
      + password_wo                           = (write-only attribute)
      + performance_insights_enabled          = false
      + performance_insights_kms_key_id       = (known after apply)
      + performance_insights_retention_period = (known after apply)
      + port                                  = (known after apply)
      + publicly_accessible                   = false
      + region                                = "us-west-2"
      + replica_mode                          = (known after apply)
      + replicas                              = (known after apply)
      + resource_id                           = (known after apply)
      + skip_final_snapshot                   = true
      + snapshot_identifier                   = (known after apply)
      + status                                = (known after apply)
      + storage_encrypted                     = true
      + storage_throughput                    = (known after apply)
      + storage_type                          = (known after apply)
      + tags                                  = {
          + "Name" = "app-postgres-db"
        }
      + tags_all                              = {
          + "Name" = "app-postgres-db"
        }
      + timezone                              = (known after apply)
      + upgrade_rollout_order                 = (known after apply)
      + username                              = "postgres"
      + vpc_security_group_ids                = (known after apply)
    }

  # aws_db_subnet_group.main will be created
  + resource "aws_db_subnet_group" "main" {
      + arn                     = (known after apply)
      + description             = "Managed by Terraform"
      + id                      = (known after apply)
      + name                    = "app-db-subnet-group"
      + name_prefix             = (known after apply)
      + region                  = "us-west-2"
      + subnet_ids              = (known after apply)
      + supported_network_types = (known after apply)
      + tags                    = {
          + "Name" = "app-db-subnet-group"
        }
      + tags_all                = {
          + "Name" = "app-db-subnet-group"
        }
      + vpc_id                  = (known after apply)
    }

  # aws_ecr_repository.api_service will be created
  + resource "aws_ecr_repository" "api_service" {
      + arn                  = (known after apply)
      + id                   = (known after apply)
      + image_tag_mutability = "MUTABLE"
      + name                 = "api-service"
      + region               = "us-west-2"
      + registry_id          = (known after apply)
      + repository_url       = (known after apply)
      + tags                 = {
          + "Name" = "api-service"
        }
      + tags_all             = {
          + "Name" = "api-service"
        }

      + image_scanning_configuration {
          + scan_on_push = true
        }
    }

  # aws_security_group.rds will be created
  + resource "aws_security_group" "rds" {
      + arn                    = (known after apply)
      + description            = "Allow EKS nodes to access RDS"
      + egress                 = [
          + {
              + cidr_blocks      = [
                  + "0.0.0.0/0",
                ]
              + from_port        = 0
              + ipv6_cidr_blocks = []
              + prefix_list_ids  = []
              + protocol         = "-1"
              + security_groups  = []
              + self             = false
              + to_port          = 0
                # (1 unchanged attribute hidden)
            },
        ]
      + id                     = (known after apply)
      + ingress                = [
          + {
              + cidr_blocks      = []
              + from_port        = 5432
              + ipv6_cidr_blocks = []
              + prefix_list_ids  = []
              + protocol         = "tcp"
              + security_groups  = (known after apply)
              + self             = false
              + to_port          = 5432
                # (1 unchanged attribute hidden)
            },
        ]
      + name                   = "rds-sg"
      + name_prefix            = (known after apply)
      + owner_id               = (known after apply)
      + region                 = "us-west-2"
      + revoke_rules_on_delete = false
      + tags                   = {
          + "Name" = "rds-sg"
        }
      + tags_all               = {
          + "Name" = "rds-sg"
        }
      + vpc_id                 = (known after apply)
    }

  # kubernetes_config_map.api_config will be created
  + resource "kubernetes_config_map" "api_config" {
      + data = {
          + "NODE_ENV" = "production"
        }
      + id   = (known after apply)

      + metadata {
          + generation       = (known after apply)
          + name             = "api-config"
          + namespace        = "app"
          + resource_version = (known after apply)
          + uid              = (known after apply)
        }
    }

  # kubernetes_deployment.api will be created
  + resource "kubernetes_deployment" "api" {
      + id               = (known after apply)
      + wait_for_rollout = true

      + metadata {
          + generation       = (known after apply)
          + labels           = {
              + "app" = "api-service"
            }
          + name             = "api-service"
          + namespace        = "app"
          + resource_version = (known after apply)
          + uid              = (known after apply)
        }

      + spec {
          + min_ready_seconds         = 0
          + paused                    = false
          + progress_deadline_seconds = 600
          + replicas                  = "2"
          + revision_history_limit    = 10

          + selector {
              + match_labels = {
                  + "app" = "api-service"
                }
            }

          + strategy (known after apply)

          + template {
              + metadata {
                  + generation       = (known after apply)
                  + labels           = {
                      + "app" = "api-service"
                    }
                  + name             = (known after apply)
                  + resource_version = (known after apply)
                  + uid              = (known after apply)
                }
              + spec {
                  + automount_service_account_token  = true
                  + dns_policy                       = "ClusterFirst"
                  + enable_service_links             = true
                  + host_ipc                         = false
                  + host_network                     = false
                  + host_pid                         = false
                  + hostname                         = (known after apply)
                  + node_name                        = (known after apply)
                  + restart_policy                   = "Always"
                  + scheduler_name                   = (known after apply)
                  + service_account_name             = (known after apply)
                  + share_process_namespace          = false
                  + termination_grace_period_seconds = 30

                  + container {
                      + image                      = "ai-tf"
                      + image_pull_policy          = (known after apply)
                      + name                       = "api-service"
                      + restart_policy             = (known after apply)
                      + stdin                      = false
                      + stdin_once                 = false
                      + termination_message_path   = "/dev/termination-log"
                      + termination_message_policy = (known after apply)
                      + tty                        = false

                      + env_from {
                          + config_map_ref {
                              + name = "api-config"
                            }
                        }
                      + env_from {
                          + secret_ref {
                              + name = "db-secret"
                            }
                        }

                      + port {
                          + container_port = 3000
                          + protocol       = "TCP"
                        }

                      + resources (known after apply)
                    }

                  + image_pull_secrets (known after apply)

                  + readiness_gate (known after apply)
                }
            }
        }
    }

  # kubernetes_namespace.app will be created
  + resource "kubernetes_namespace" "app" {
      + id                               = (known after apply)
      + wait_for_default_service_account = false

      + metadata {
          + generation       = (known after apply)
          + name             = "app"
          + resource_version = (known after apply)
          + uid              = (known after apply)
        }
    }

  # kubernetes_secret.db will be created
  + resource "kubernetes_secret" "db" {
      + binary_data_wo                 = (write-only attribute)
      + data                           = (sensitive value)
      + data_wo                        = (write-only attribute)
      + id                             = (known after apply)
      + type                           = "Opaque"
      + wait_for_service_account_token = true

      + metadata {
          + generation       = (known after apply)
          + name             = "db-secret"
          + namespace        = "app"
          + resource_version = (known after apply)
          + uid              = (known after apply)
        }
    }

  # kubernetes_service.api will be created
  + resource "kubernetes_service" "api" {
      + id                     = (known after apply)
      + status                 = (known after apply)
      + wait_for_load_balancer = true

      + metadata {
          + generation       = (known after apply)
          + name             = "api-service"
          + namespace        = "app"
          + resource_version = (known after apply)
          + uid              = (known after apply)
        }

      + spec {
          + allocate_load_balancer_node_ports = true
          + cluster_ip                        = (known after apply)
          + cluster_ips                       = (known after apply)
          + external_traffic_policy           = (known after apply)
          + health_check_node_port            = (known after apply)
          + internal_traffic_policy           = (known after apply)
          + ip_families                       = (known after apply)
          + ip_family_policy                  = (known after apply)
          + publish_not_ready_addresses       = false
          + selector                          = {
              + "app" = "api-service"
            }
          + session_affinity                  = "None"
          + type                              = "LoadBalancer"

          + port {
              + node_port   = (known after apply)
              + port        = 80
              + protocol    = "TCP"
              + target_port = "3000"
            }

          + session_affinity_config (known after apply)
        }
    }

  # module.eks.data.tls_certificate.this[0] will be read during apply
  # (config refers to values not yet known)
 <= data "tls_certificate" "this" {
      + certificates = (known after apply)
      + id           = (known after apply)
      + url          = (known after apply)
    }

  # module.eks.aws_cloudwatch_log_group.this[0] will be created
  + resource "aws_cloudwatch_log_group" "this" {
      + arn                         = (known after apply)
      + deletion_protection_enabled = (known after apply)
      + id                          = (known after apply)
      + log_group_class             = (known after apply)
      + name                        = "/aws/eks/app-eks-cluster/cluster"
      + name_prefix                 = (known after apply)
      + region                      = "us-west-2"
      + retention_in_days           = 90
      + skip_destroy                = false
      + tags                        = {
          + "Environment" = "dev"
          + "Name"        = "/aws/eks/app-eks-cluster/cluster"
          + "Terraform"   = "true"
        }
      + tags_all                    = {
          + "Environment" = "dev"
          + "Name"        = "/aws/eks/app-eks-cluster/cluster"
          + "Terraform"   = "true"
        }
    }

  # module.eks.aws_ec2_tag.cluster_primary_security_group["Environment"] will be created
  + resource "aws_ec2_tag" "cluster_primary_security_group" {
      + id          = (known after apply)
      + key         = "Environment"
      + region      = "us-west-2"
      + resource_id = (known after apply)
      + value       = "dev"
    }

  # module.eks.aws_ec2_tag.cluster_primary_security_group["Terraform"] will be created
  + resource "aws_ec2_tag" "cluster_primary_security_group" {
      + id          = (known after apply)
      + key         = "Terraform"
      + region      = "us-west-2"
      + resource_id = (known after apply)
      + value       = "true"
    }

  # module.eks.aws_eks_cluster.this[0] will be created
  + resource "aws_eks_cluster" "this" {
      + arn                           = (known after apply)
      + bootstrap_self_managed_addons = false
      + certificate_authority         = (known after apply)
      + cluster_id                    = (known after apply)
      + created_at                    = (known after apply)
      + deletion_protection           = (known after apply)
      + enabled_cluster_log_types     = [
          + "api",
          + "audit",
          + "authenticator",
        ]
      + endpoint                      = (known after apply)
      + id                            = (known after apply)
      + identity                      = (known after apply)
      + name                          = "app-eks-cluster"
      + platform_version              = (known after apply)
      + region                        = "us-west-2"
      + role_arn                      = (known after apply)
      + status                        = (known after apply)
      + tags                          = {
          + "Environment"           = "dev"
          + "Terraform"             = "true"
          + "terraform-aws-modules" = "eks"
        }
      + tags_all                      = {
          + "Environment"           = "dev"
          + "Terraform"             = "true"
          + "terraform-aws-modules" = "eks"
        }
      + version                       = "1.29"

      + access_config {
          + authentication_mode                         = "API_AND_CONFIG_MAP"
          + bootstrap_cluster_creator_admin_permissions = false
        }

      + compute_config (known after apply)

      + control_plane_scaling_config (known after apply)

      + encryption_config {
          + resources = [
              + "secrets",
            ]

          + provider {
              + key_arn = (known after apply)
            }
        }

      + kubernetes_network_config {
          + ip_family         = "ipv4"
          + service_ipv4_cidr = (known after apply)
          + service_ipv6_cidr = (known after apply)

          + elastic_load_balancing (known after apply)
        }

      + storage_config (known after apply)

      + upgrade_policy (known after apply)

      + vpc_config {
          + cluster_security_group_id = (known after apply)
          + endpoint_private_access   = true
          + endpoint_public_access    = false
          + public_access_cidrs       = [
              + "0.0.0.0/0",
            ]
          + security_group_ids        = (known after apply)
          + subnet_ids                = (known after apply)
          + vpc_id                    = (known after apply)
        }
    }

  # module.eks.aws_iam_openid_connect_provider.oidc_provider[0] will be created
  + resource "aws_iam_openid_connect_provider" "oidc_provider" {
      + arn             = (known after apply)
      + client_id_list  = [
          + "sts.amazonaws.com",
        ]
      + id              = (known after apply)
      + tags            = {
          + "Environment" = "dev"
          + "Name"        = "app-eks-cluster-eks-irsa"
          + "Terraform"   = "true"
        }
      + tags_all        = {
          + "Environment" = "dev"
          + "Name"        = "app-eks-cluster-eks-irsa"
          + "Terraform"   = "true"
        }
      + thumbprint_list = (known after apply)
      + url             = (known after apply)
    }

  # module.eks.aws_iam_policy.cluster_encryption[0] will be created
  + resource "aws_iam_policy" "cluster_encryption" {
      + arn              = (known after apply)
      + attachment_count = (known after apply)
      + description      = "Cluster encryption policy to allow cluster role to utilize CMK provided"
      + id               = (known after apply)
      + name             = (known after apply)
      + name_prefix      = "app-eks-cluster-cluster-ClusterEncryption"
      + path             = "/"
      + policy           = (known after apply)
      + policy_id        = (known after apply)
      + tags             = {
          + "Environment" = "dev"
          + "Terraform"   = "true"
        }
      + tags_all         = {
          + "Environment" = "dev"
          + "Terraform"   = "true"
        }
    }

  # module.eks.aws_iam_role.this[0] will be created
  + resource "aws_iam_role" "this" {
      + arn                   = (known after apply)
      + assume_role_policy    = jsonencode(
            {
              + Statement = [
                  + {
                      + Action    = [
                          + "sts:TagSession",
                          + "sts:AssumeRole",
                        ]
                      + Effect    = "Allow"
                      + Principal = {
                          + Service = "eks.amazonaws.com"
                        }
                      + Sid       = "EKSClusterAssumeRole"
                    },
                ]
              + Version   = "2012-10-17"
            }
        )
      + create_date           = (known after apply)
      + force_detach_policies = true
      + id                    = (known after apply)
      + managed_policy_arns   = (known after apply)
      + max_session_duration  = 3600
      + name                  = (known after apply)
      + name_prefix           = "app-eks-cluster-cluster-"
      + path                  = "/"
      + tags                  = {
          + "Environment" = "dev"
          + "Terraform"   = "true"
        }
      + tags_all              = {
          + "Environment" = "dev"
          + "Terraform"   = "true"
        }
      + unique_id             = (known after apply)

      + inline_policy (known after apply)
    }

  # module.eks.aws_iam_role_policy_attachment.cluster_encryption[0] will be created
  + resource "aws_iam_role_policy_attachment" "cluster_encryption" {
      + id         = (known after apply)
      + policy_arn = (known after apply)
      + role       = (known after apply)
    }

  # module.eks.aws_iam_role_policy_attachment.this["AmazonEKSClusterPolicy"] will be created
  + resource "aws_iam_role_policy_attachment" "this" {
      + id         = (known after apply)
      + policy_arn = "arn:aws:iam::aws:policy/AmazonEKSClusterPolicy"
      + role       = (known after apply)
    }

  # module.eks.aws_security_group.cluster[0] will be created
  + resource "aws_security_group" "cluster" {
      + arn                    = (known after apply)
      + description            = "EKS cluster security group"
      + egress                 = (known after apply)
      + id                     = (known after apply)
      + ingress                = (known after apply)
      + name                   = (known after apply)
      + name_prefix            = "app-eks-cluster-cluster-"
      + owner_id               = (known after apply)
      + region                 = "us-west-2"
      + revoke_rules_on_delete = false
      + tags                   = {
          + "Environment" = "dev"
          + "Name"        = "app-eks-cluster-cluster"
          + "Terraform"   = "true"
        }
      + tags_all               = {
          + "Environment" = "dev"
          + "Name"        = "app-eks-cluster-cluster"
          + "Terraform"   = "true"
        }
      + vpc_id                 = (known after apply)
    }

  # module.eks.aws_security_group.node[0] will be created
  + resource "aws_security_group" "node" {
      + arn                    = (known after apply)
      + description            = "EKS node shared security group"
      + egress                 = (known after apply)
      + id                     = (known after apply)
      + ingress                = (known after apply)
      + name                   = (known after apply)
      + name_prefix            = "app-eks-cluster-node-"
      + owner_id               = (known after apply)
      + region                 = "us-west-2"
      + revoke_rules_on_delete = false
      + tags                   = {
          + "Environment"                           = "dev"
          + "Name"                                  = "app-eks-cluster-node"
          + "Terraform"                             = "true"
          + "kubernetes.io/cluster/app-eks-cluster" = "owned"
        }
      + tags_all               = {
          + "Environment"                           = "dev"
          + "Name"                                  = "app-eks-cluster-node"
          + "Terraform"                             = "true"
          + "kubernetes.io/cluster/app-eks-cluster" = "owned"
        }
      + vpc_id                 = (known after apply)
    }

  # module.eks.aws_security_group_rule.cluster["ingress_nodes_443"] will be created
  + resource "aws_security_group_rule" "cluster" {
      + description              = "Node groups to cluster API"
      + from_port                = 443
      + id                       = (known after apply)
      + protocol                 = "tcp"
      + region                   = "us-west-2"
      + security_group_id        = (known after apply)
      + security_group_rule_id   = (known after apply)
      + self                     = false
      + source_security_group_id = (known after apply)
      + to_port                  = 443
      + type                     = "ingress"
    }

  # module.eks.aws_security_group_rule.node["egress_all"] will be created
  + resource "aws_security_group_rule" "node" {
      + cidr_blocks              = [
          + "0.0.0.0/0",
        ]
      + description              = "Allow all egress"
      + from_port                = 0
      + id                       = (known after apply)
      + protocol                 = "-1"
      + region                   = "us-west-2"
      + security_group_id        = (known after apply)
      + security_group_rule_id   = (known after apply)
      + self                     = false
      + source_security_group_id = (known after apply)
      + to_port                  = 0
      + type                     = "egress"
    }

  # module.eks.aws_security_group_rule.node["ingress_cluster_10251_webhook"] will be created
  + resource "aws_security_group_rule" "node" {
      + description              = "Cluster API to node 10251/tcp webhook"
      + from_port                = 10251
      + id                       = (known after apply)
      + protocol                 = "tcp"
      + region                   = "us-west-2"
      + security_group_id        = (known after apply)
      + security_group_rule_id   = (known after apply)
      + self                     = false
      + source_security_group_id = (known after apply)
      + to_port                  = 10251
      + type                     = "ingress"
    }

  # module.eks.aws_security_group_rule.node["ingress_cluster_443"] will be created
  + resource "aws_security_group_rule" "node" {
      + description              = "Cluster API to node groups"
      + from_port                = 443
      + id                       = (known after apply)
      + protocol                 = "tcp"
      + region                   = "us-west-2"
      + security_group_id        = (known after apply)
      + security_group_rule_id   = (known after apply)
      + self                     = false
      + source_security_group_id = (known after apply)
      + to_port                  = 443
      + type                     = "ingress"
    }

  # module.eks.aws_security_group_rule.node["ingress_cluster_4443_webhook"] will be created
  + resource "aws_security_group_rule" "node" {
      + description              = "Cluster API to node 4443/tcp webhook"
      + from_port                = 4443
      + id                       = (known after apply)
      + protocol                 = "tcp"
      + region                   = "us-west-2"
      + security_group_id        = (known after apply)
      + security_group_rule_id   = (known after apply)
      + self                     = false
      + source_security_group_id = (known after apply)
      + to_port                  = 4443
      + type                     = "ingress"
    }

  # module.eks.aws_security_group_rule.node["ingress_cluster_6443_webhook"] will be created
  + resource "aws_security_group_rule" "node" {
      + description              = "Cluster API to node 6443/tcp webhook"
      + from_port                = 6443
      + id                       = (known after apply)
      + protocol                 = "tcp"
      + region                   = "us-west-2"
      + security_group_id        = (known after apply)
      + security_group_rule_id   = (known after apply)
      + self                     = false
      + source_security_group_id = (known after apply)
      + to_port                  = 6443
      + type                     = "ingress"
    }

  # module.eks.aws_security_group_rule.node["ingress_cluster_8443_webhook"] will be created
  + resource "aws_security_group_rule" "node" {
      + description              = "Cluster API to node 8443/tcp webhook"
      + from_port                = 8443
      + id                       = (known after apply)
      + protocol                 = "tcp"
      + region                   = "us-west-2"
      + security_group_id        = (known after apply)
      + security_group_rule_id   = (known after apply)
      + self                     = false
      + source_security_group_id = (known after apply)
      + to_port                  = 8443
      + type                     = "ingress"
    }

  # module.eks.aws_security_group_rule.node["ingress_cluster_9443_webhook"] will be created
  + resource "aws_security_group_rule" "node" {
      + description              = "Cluster API to node 9443/tcp webhook"
      + from_port                = 9443
      + id                       = (known after apply)
      + protocol                 = "tcp"
      + region                   = "us-west-2"
      + security_group_id        = (known after apply)
      + security_group_rule_id   = (known after apply)
      + self                     = false
      + source_security_group_id = (known after apply)
      + to_port                  = 9443
      + type                     = "ingress"
    }

  # module.eks.aws_security_group_rule.node["ingress_cluster_kubelet"] will be created
  + resource "aws_security_group_rule" "node" {
      + description              = "Cluster API to node kubelets"
      + from_port                = 10250
      + id                       = (known after apply)
      + protocol                 = "tcp"
      + region                   = "us-west-2"
      + security_group_id        = (known after apply)
      + security_group_rule_id   = (known after apply)
      + self                     = false
      + source_security_group_id = (known after apply)
      + to_port                  = 10250
      + type                     = "ingress"
    }

  # module.eks.aws_security_group_rule.node["ingress_nodes_ephemeral"] will be created
  + resource "aws_security_group_rule" "node" {
      + description              = "Node to node ingress on ephemeral ports"
      + from_port                = 1025
      + id                       = (known after apply)
      + protocol                 = "tcp"
      + region                   = "us-west-2"
      + security_group_id        = (known after apply)
      + security_group_rule_id   = (known after apply)
      + self                     = true
      + source_security_group_id = (known after apply)
      + to_port                  = 65535
      + type                     = "ingress"
    }

  # module.eks.aws_security_group_rule.node["ingress_self_coredns_tcp"] will be created
  + resource "aws_security_group_rule" "node" {
      + description              = "Node to node CoreDNS"
      + from_port                = 53
      + id                       = (known after apply)
      + protocol                 = "tcp"
      + region                   = "us-west-2"
      + security_group_id        = (known after apply)
      + security_group_rule_id   = (known after apply)
      + self                     = true
      + source_security_group_id = (known after apply)
      + to_port                  = 53
      + type                     = "ingress"
    }

  # module.eks.aws_security_group_rule.node["ingress_self_coredns_udp"] will be created
  + resource "aws_security_group_rule" "node" {
      + description              = "Node to node CoreDNS UDP"
      + from_port                = 53
      + id                       = (known after apply)
      + protocol                 = "udp"
      + region                   = "us-west-2"
      + security_group_id        = (known after apply)
      + security_group_rule_id   = (known after apply)
      + self                     = true
      + source_security_group_id = (known after apply)
      + to_port                  = 53
      + type                     = "ingress"
    }

  # module.eks.time_sleep.this[0] will be created
  + resource "time_sleep" "this" {
      + create_duration = "30s"
      + id              = (known after apply)
      + triggers        = {
          + "certificate_authority_data" = (known after apply)
          + "endpoint"                   = (known after apply)
          + "kubernetes_version"         = "1.29"
          + "name"                       = (known after apply)
          + "service_cidr"               = (known after apply)
        }
    }

  # module.eks_irsa.data.aws_iam_policy_document.assume_role_with_oidc[0] will be read during apply
  # (config refers to values not yet known)
 <= data "aws_iam_policy_document" "assume_role_with_oidc" {
      + id            = (known after apply)
      + json          = (known after apply)
      + minified_json = (known after apply)

      + statement (known after apply)
    }

  # module.eks_irsa.aws_iam_role.this[0] will be created
  + resource "aws_iam_role" "this" {
      + arn                   = (known after apply)
      + assume_role_policy    = (known after apply)
      + create_date           = (known after apply)
      + force_detach_policies = false
      + id                    = (known after apply)
      + managed_policy_arns   = (known after apply)
      + max_session_duration  = 3600
      + name                  = "app-eks-irsa"
      + name_prefix           = (known after apply)
      + path                  = "/"
      + tags_all              = (known after apply)
      + unique_id             = (known after apply)
        # (2 unchanged attributes hidden)

      + inline_policy (known after apply)
    }

  # module.eks_irsa.aws_iam_role_policy_attachment.custom[0] will be created
  + resource "aws_iam_role_policy_attachment" "custom" {
      + id         = (known after apply)
      + policy_arn = "arn:aws:iam::aws:policy/AmazonRDSFullAccess"
      + role       = "app-eks-irsa"
    }

  # module.eks_irsa.aws_iam_role_policy_attachment.custom[1] will be created
  + resource "aws_iam_role_policy_attachment" "custom" {
      + id         = (known after apply)
      + policy_arn = "arn:aws:iam::aws:policy/CloudWatchLogsFullAccess"
      + role       = "app-eks-irsa"
    }

  # module.vpc.aws_default_network_acl.this[0] will be created
  + resource "aws_default_network_acl" "this" {
      + arn                    = (known after apply)
      + default_network_acl_id = (known after apply)
      + id                     = (known after apply)
      + owner_id               = (known after apply)
      + region                 = "us-west-2"
      + tags                   = {
          + "Environment" = "dev"
          + "Name"        = "app-vpc-default"
          + "Terraform"   = "true"
        }
      + tags_all               = {
          + "Environment" = "dev"
          + "Name"        = "app-vpc-default"
          + "Terraform"   = "true"
        }
      + vpc_id                 = (known after apply)

      + egress {
          + action          = "allow"
          + from_port       = 0
          + ipv6_cidr_block = "::/0"
          + protocol        = "-1"
          + rule_no         = 101
          + to_port         = 0
            # (1 unchanged attribute hidden)
        }
      + egress {
          + action          = "allow"
          + cidr_block      = "0.0.0.0/0"
          + from_port       = 0
          + protocol        = "-1"
          + rule_no         = 100
          + to_port         = 0
            # (1 unchanged attribute hidden)
        }

      + ingress {
          + action          = "allow"
          + from_port       = 0
          + ipv6_cidr_block = "::/0"
          + protocol        = "-1"
          + rule_no         = 101
          + to_port         = 0
            # (1 unchanged attribute hidden)
        }
      + ingress {
          + action          = "allow"
          + cidr_block      = "0.0.0.0/0"
          + from_port       = 0
          + protocol        = "-1"
          + rule_no         = 100
          + to_port         = 0
            # (1 unchanged attribute hidden)
        }
    }

  # module.vpc.aws_default_route_table.default[0] will be created
  + resource "aws_default_route_table" "default" {
      + arn                    = (known after apply)
      + default_route_table_id = (known after apply)
      + id                     = (known after apply)
      + owner_id               = (known after apply)
      + region                 = "us-west-2"
      + route                  = (known after apply)
      + tags                   = {
          + "Environment" = "dev"
          + "Name"        = "app-vpc-default"
          + "Terraform"   = "true"
        }
      + tags_all               = {
          + "Environment" = "dev"
          + "Name"        = "app-vpc-default"
          + "Terraform"   = "true"
        }
      + vpc_id                 = (known after apply)

      + timeouts {
          + create = "5m"
          + update = "5m"
        }
    }

  # module.vpc.aws_default_security_group.this[0] will be created
  + resource "aws_default_security_group" "this" {
      + arn                    = (known after apply)
      + description            = (known after apply)
      + egress                 = (known after apply)
      + id                     = (known after apply)
      + ingress                = (known after apply)
      + name                   = (known after apply)
      + name_prefix            = (known after apply)
      + owner_id               = (known after apply)
      + region                 = "us-west-2"
      + revoke_rules_on_delete = false
      + tags                   = {
          + "Environment" = "dev"
          + "Name"        = "app-vpc-default"
          + "Terraform"   = "true"
        }
      + tags_all               = {
          + "Environment" = "dev"
          + "Name"        = "app-vpc-default"
          + "Terraform"   = "true"
        }
      + vpc_id                 = (known after apply)
    }

  # module.vpc.aws_eip.nat[0] will be created
  + resource "aws_eip" "nat" {
      + allocation_id        = (known after apply)
      + arn                  = (known after apply)
      + association_id       = (known after apply)
      + carrier_ip           = (known after apply)
      + customer_owned_ip    = (known after apply)
      + domain               = "vpc"
      + id                   = (known after apply)
      + instance             = (known after apply)
      + ipam_pool_id         = (known after apply)
      + network_border_group = (known after apply)
      + network_interface    = (known after apply)
      + private_dns          = (known after apply)
      + private_ip           = (known after apply)
      + ptr_record           = (known after apply)
      + public_dns           = (known after apply)
      + public_ip            = (known after apply)
      + public_ipv4_pool     = (known after apply)
      + region               = "us-west-2"
      + tags                 = {
          + "Environment" = "dev"
          + "Name"        = "app-vpc-us-west-2a"
          + "Terraform"   = "true"
        }
      + tags_all             = {
          + "Environment" = "dev"
          + "Name"        = "app-vpc-us-west-2a"
          + "Terraform"   = "true"
        }
    }

  # module.vpc.aws_internet_gateway.this[0] will be created
  + resource "aws_internet_gateway" "this" {
      + arn      = (known after apply)
      + id       = (known after apply)
      + owner_id = (known after apply)
      + region   = "us-west-2"
      + tags     = {
          + "Environment" = "dev"
          + "Name"        = "app-vpc"
          + "Terraform"   = "true"
        }
      + tags_all = {
          + "Environment" = "dev"
          + "Name"        = "app-vpc"
          + "Terraform"   = "true"
        }
      + vpc_id   = (known after apply)
    }

  # module.vpc.aws_nat_gateway.this[0] will be created
  + resource "aws_nat_gateway" "this" {
      + allocation_id                      = (known after apply)
      + association_id                     = (known after apply)
      + auto_provision_zones               = (known after apply)
      + auto_scaling_ips                   = (known after apply)
      + availability_mode                  = (known after apply)
      + connectivity_type                  = "public"
      + id                                 = (known after apply)
      + network_interface_id               = (known after apply)
      + private_ip                         = (known after apply)
      + public_ip                          = (known after apply)
      + region                             = "us-west-2"
      + regional_nat_gateway_address       = (known after apply)
      + regional_nat_gateway_auto_mode     = (known after apply)
      + route_table_id                     = (known after apply)
      + secondary_allocation_ids           = (known after apply)
      + secondary_private_ip_address_count = (known after apply)
      + secondary_private_ip_addresses     = (known after apply)
      + subnet_id                          = (known after apply)
      + tags                               = {
          + "Environment" = "dev"
          + "Name"        = "app-vpc-us-west-2a"
          + "Terraform"   = "true"
        }
      + tags_all                           = {
          + "Environment" = "dev"
          + "Name"        = "app-vpc-us-west-2a"
          + "Terraform"   = "true"
        }
      + vpc_id                             = (known after apply)
    }

  # module.vpc.aws_route.private_nat_gateway[0] will be created
  + resource "aws_route" "private_nat_gateway" {
      + destination_cidr_block = "0.0.0.0/0"
      + id                     = (known after apply)
      + instance_id            = (known after apply)
      + instance_owner_id      = (known after apply)
      + nat_gateway_id         = (known after apply)
      + network_interface_id   = (known after apply)
      + origin                 = (known after apply)
      + region                 = "us-west-2"
      + route_table_id         = (known after apply)
      + state                  = (known after apply)

      + timeouts {
          + create = "5m"
        }
    }

  # module.vpc.aws_route.public_internet_gateway[0] will be created
  + resource "aws_route" "public_internet_gateway" {
      + destination_cidr_block = "0.0.0.0/0"
      + gateway_id             = (known after apply)
      + id                     = (known after apply)
      + instance_id            = (known after apply)
      + instance_owner_id      = (known after apply)
      + network_interface_id   = (known after apply)
      + origin                 = (known after apply)
      + region                 = "us-west-2"
      + route_table_id         = (known after apply)
      + state                  = (known after apply)

      + timeouts {
          + create = "5m"
        }
    }

  # module.vpc.aws_route_table.private[0] will be created
  + resource "aws_route_table" "private" {
      + arn              = (known after apply)
      + id               = (known after apply)
      + owner_id         = (known after apply)
      + propagating_vgws = (known after apply)
      + region           = "us-west-2"
      + route            = (known after apply)
      + tags             = {
          + "Environment" = "dev"
          + "Name"        = "app-vpc-private"
          + "Terraform"   = "true"
        }
      + tags_all         = {
          + "Environment" = "dev"
          + "Name"        = "app-vpc-private"
          + "Terraform"   = "true"
        }
      + vpc_id           = (known after apply)
    }

  # module.vpc.aws_route_table.public[0] will be created
  + resource "aws_route_table" "public" {
      + arn              = (known after apply)
      + id               = (known after apply)
      + owner_id         = (known after apply)
      + propagating_vgws = (known after apply)
      + region           = "us-west-2"
      + route            = (known after apply)
      + tags             = {
          + "Environment" = "dev"
          + "Name"        = "app-vpc-public"
          + "Terraform"   = "true"
        }
      + tags_all         = {
          + "Environment" = "dev"
          + "Name"        = "app-vpc-public"
          + "Terraform"   = "true"
        }
      + vpc_id           = (known after apply)
    }

  # module.vpc.aws_route_table_association.private[0] will be created
  + resource "aws_route_table_association" "private" {
      + id             = (known after apply)
      + region         = "us-west-2"
      + route_table_id = (known after apply)
      + subnet_id      = (known after apply)
    }

  # module.vpc.aws_route_table_association.private[1] will be created
  + resource "aws_route_table_association" "private" {
      + id             = (known after apply)
      + region         = "us-west-2"
      + route_table_id = (known after apply)
      + subnet_id      = (known after apply)
    }

  # module.vpc.aws_route_table_association.public[0] will be created
  + resource "aws_route_table_association" "public" {
      + id             = (known after apply)
      + region         = "us-west-2"
      + route_table_id = (known after apply)
      + subnet_id      = (known after apply)
    }

  # module.vpc.aws_route_table_association.public[1] will be created
  + resource "aws_route_table_association" "public" {
      + id             = (known after apply)
      + region         = "us-west-2"
      + route_table_id = (known after apply)
      + subnet_id      = (known after apply)
    }

  # module.vpc.aws_subnet.private[0] will be created
  + resource "aws_subnet" "private" {
      + arn                                            = (known after apply)
      + assign_ipv6_address_on_creation                = false
      + availability_zone                              = "us-west-2a"
      + availability_zone_id                           = (known after apply)
      + cidr_block                                     = "10.0.101.0/24"
      + enable_dns64                                   = false
      + enable_resource_name_dns_a_record_on_launch    = false
      + enable_resource_name_dns_aaaa_record_on_launch = false
      + id                                             = (known after apply)
      + ipv6_cidr_block_association_id                 = (known after apply)
      + ipv6_native                                    = false
      + map_public_ip_on_launch                        = false
      + owner_id                                       = (known after apply)
      + private_dns_hostname_type_on_launch            = (known after apply)
      + region                                         = "us-west-2"
      + tags                                           = {
          + "Environment" = "dev"
          + "Name"        = "app-vpc-private-us-west-2a"
          + "Terraform"   = "true"
        }
      + tags_all                                       = {
          + "Environment" = "dev"
          + "Name"        = "app-vpc-private-us-west-2a"
          + "Terraform"   = "true"
        }
      + vpc_id                                         = (known after apply)
    }

  # module.vpc.aws_subnet.private[1] will be created
  + resource "aws_subnet" "private" {
      + arn                                            = (known after apply)
      + assign_ipv6_address_on_creation                = false
      + availability_zone                              = "us-west-2b"
      + availability_zone_id                           = (known after apply)
      + cidr_block                                     = "10.0.102.0/24"
      + enable_dns64                                   = false
      + enable_resource_name_dns_a_record_on_launch    = false
      + enable_resource_name_dns_aaaa_record_on_launch = false
      + id                                             = (known after apply)
      + ipv6_cidr_block_association_id                 = (known after apply)
      + ipv6_native                                    = false
      + map_public_ip_on_launch                        = false
      + owner_id                                       = (known after apply)
      + private_dns_hostname_type_on_launch            = (known after apply)
      + region                                         = "us-west-2"
      + tags                                           = {
          + "Environment" = "dev"
          + "Name"        = "app-vpc-private-us-west-2b"
          + "Terraform"   = "true"
        }
      + tags_all                                       = {
          + "Environment" = "dev"
          + "Name"        = "app-vpc-private-us-west-2b"
          + "Terraform"   = "true"
        }
      + vpc_id                                         = (known after apply)
    }

  # module.vpc.aws_subnet.public[0] will be created
  + resource "aws_subnet" "public" {
      + arn                                            = (known after apply)
      + assign_ipv6_address_on_creation                = false
      + availability_zone                              = "us-west-2a"
      + availability_zone_id                           = (known after apply)
      + cidr_block                                     = "10.0.1.0/24"
      + enable_dns64                                   = false
      + enable_resource_name_dns_a_record_on_launch    = false
      + enable_resource_name_dns_aaaa_record_on_launch = false
      + id                                             = (known after apply)
      + ipv6_cidr_block_association_id                 = (known after apply)
      + ipv6_native                                    = false
      + map_public_ip_on_launch                        = false
      + owner_id                                       = (known after apply)
      + private_dns_hostname_type_on_launch            = (known after apply)
      + region                                         = "us-west-2"
      + tags                                           = {
          + "Environment" = "dev"
          + "Name"        = "app-vpc-public-us-west-2a"
          + "Terraform"   = "true"
        }
      + tags_all                                       = {
          + "Environment" = "dev"
          + "Name"        = "app-vpc-public-us-west-2a"
          + "Terraform"   = "true"
        }
      + vpc_id                                         = (known after apply)
    }

  # module.vpc.aws_subnet.public[1] will be created
  + resource "aws_subnet" "public" {
      + arn                                            = (known after apply)
      + assign_ipv6_address_on_creation                = false
      + availability_zone                              = "us-west-2b"
      + availability_zone_id                           = (known after apply)
      + cidr_block                                     = "10.0.2.0/24"
      + enable_dns64                                   = false
      + enable_resource_name_dns_a_record_on_launch    = false
      + enable_resource_name_dns_aaaa_record_on_launch = false
      + id                                             = (known after apply)
      + ipv6_cidr_block_association_id                 = (known after apply)
      + ipv6_native                                    = false
      + map_public_ip_on_launch                        = false
      + owner_id                                       = (known after apply)
      + private_dns_hostname_type_on_launch            = (known after apply)
      + region                                         = "us-west-2"
      + tags                                           = {
          + "Environment" = "dev"
          + "Name"        = "app-vpc-public-us-west-2b"
          + "Terraform"   = "true"
        }
      + tags_all                                       = {
          + "Environment" = "dev"
          + "Name"        = "app-vpc-public-us-west-2b"
          + "Terraform"   = "true"
        }
      + vpc_id                                         = (known after apply)
    }

  # module.vpc.aws_vpc.this[0] will be created
  + resource "aws_vpc" "this" {
      + arn                                  = (known after apply)
      + cidr_block                           = "10.0.0.0/16"
      + default_network_acl_id               = (known after apply)
      + default_route_table_id               = (known after apply)
      + default_security_group_id            = (known after apply)
      + dhcp_options_id                      = (known after apply)
      + enable_dns_hostnames                 = true
      + enable_dns_support                   = true
      + enable_network_address_usage_metrics = (known after apply)
      + id                                   = (known after apply)
      + instance_tenancy                     = "default"
      + ipv6_association_id                  = (known after apply)
      + ipv6_cidr_block                      = (known after apply)
      + ipv6_cidr_block_network_border_group = (known after apply)
      + main_route_table_id                  = (known after apply)
      + owner_id                             = (known after apply)
      + region                               = "us-west-2"
      + tags                                 = {
          + "Environment" = "dev"
          + "Name"        = "app-vpc"
          + "Terraform"   = "true"
        }
      + tags_all                             = {
          + "Environment" = "dev"
          + "Name"        = "app-vpc"
          + "Terraform"   = "true"
        }
    }

  # module.eks.module.eks_managed_node_group["default"].aws_iam_role.this[0] will be created
  + resource "aws_iam_role" "this" {
      + arn                   = (known after apply)
      + assume_role_policy    = jsonencode(
            {
              + Statement = [
                  + {
                      + Action    = "sts:AssumeRole"
                      + Effect    = "Allow"
                      + Principal = {
                          + Service = "ec2.amazonaws.com"
                        }
                      + Sid       = "EKSNodeAssumeRole"
                    },
                ]
              + Version   = "2012-10-17"
            }
        )
      + create_date           = (known after apply)
      + description           = "EKS managed node group IAM role"
      + force_detach_policies = true
      + id                    = (known after apply)
      + managed_policy_arns   = (known after apply)
      + max_session_duration  = 3600
      + name                  = (known after apply)
      + name_prefix           = "default-eks-node-group-"
      + path                  = "/"
      + tags                  = {
          + "Environment" = "dev"
          + "Terraform"   = "true"
        }
      + tags_all              = {
          + "Environment" = "dev"
          + "Terraform"   = "true"
        }
      + unique_id             = (known after apply)

      + inline_policy (known after apply)
    }

  # module.eks.module.eks_managed_node_group["default"].aws_iam_role_policy_attachment.this["AmazonEC2ContainerRegistryReadOnly"] will be created
  + resource "aws_iam_role_policy_attachment" "this" {
      + id         = (known after apply)
      + policy_arn = "arn:aws:iam::aws:policy/AmazonEC2ContainerRegistryReadOnly"
      + role       = (known after apply)
    }

  # module.eks.module.eks_managed_node_group["default"].aws_iam_role_policy_attachment.this["AmazonEKSWorkerNodePolicy"] will be created
  + resource "aws_iam_role_policy_attachment" "this" {
      + id         = (known after apply)
      + policy_arn = "arn:aws:iam::aws:policy/AmazonEKSWorkerNodePolicy"
      + role       = (known after apply)
    }

  # module.eks.module.eks_managed_node_group["default"].aws_iam_role_policy_attachment.this["AmazonEKS_CNI_Policy"] will be created
  + resource "aws_iam_role_policy_attachment" "this" {
      + id         = (known after apply)
      + policy_arn = "arn:aws:iam::aws:policy/AmazonEKS_CNI_Policy"
      + role       = (known after apply)
    }

  # module.eks.module.eks_managed_node_group["default"].aws_launch_template.this[0] will be created
  + resource "aws_launch_template" "this" {
      + arn                    = (known after apply)
      + default_version        = (known after apply)
      + description            = "Custom launch template for default EKS managed node group"
      + id                     = (known after apply)
      + latest_version         = (known after apply)
      + name                   = (known after apply)
      + name_prefix            = "default-"
      + region                 = "us-west-2"
      + tags                   = {
          + "Environment" = "dev"
          + "Terraform"   = "true"
        }
      + tags_all               = {
          + "Environment" = "dev"
          + "Terraform"   = "true"
        }
      + update_default_version = true
      + vpc_security_group_ids = (known after apply)
        # (2 unchanged attributes hidden)

      + metadata_options {
          + http_endpoint               = "enabled"
          + http_protocol_ipv6          = (known after apply)
          + http_put_response_hop_limit = 1
          + http_tokens                 = "required"
          + instance_metadata_tags      = (known after apply)
        }

      + tag_specifications {
          + resource_type = "instance"
          + tags          = {
              + "Environment" = "dev"
              + "Name"        = "default"
              + "Terraform"   = "true"
            }
        }
      + tag_specifications {
          + resource_type = "network-interface"
          + tags          = {
              + "Environment" = "dev"
              + "Name"        = "default"
              + "Terraform"   = "true"
            }
        }
      + tag_specifications {
          + resource_type = "volume"
          + tags          = {
              + "Environment" = "dev"
              + "Name"        = "default"
              + "Terraform"   = "true"
            }
        }
    }

  # module.eks.module.kms.data.aws_iam_policy_document.this[0] will be read during apply
  # (config refers to values not yet known)
 <= data "aws_iam_policy_document" "this" {
      + id                        = (known after apply)
      + json                      = (known after apply)
      + minified_json             = (known after apply)
      + override_policy_documents = []
      + source_policy_documents   = []

      + statement {
          + actions   = [
              + "kms:*",
            ]
          + resources = [
              + "*",
            ]
          + sid       = "Default"

          + principals {
              + identifiers = [
                  + "arn:aws:iam::000000000000:root",
                ]
              + type        = "AWS"
            }
        }
      + statement {
          + actions   = [
              + "kms:CancelKeyDeletion",
              + "kms:Create*",
              + "kms:Delete*",
              + "kms:Describe*",
              + "kms:Disable*",
              + "kms:Enable*",
              + "kms:Get*",
              + "kms:ImportKeyMaterial",
              + "kms:List*",
              + "kms:Put*",
              + "kms:ReplicateKey",
              + "kms:Revoke*",
              + "kms:ScheduleKeyDeletion",
              + "kms:TagResource",
              + "kms:UntagResource",
              + "kms:Update*",
            ]
          + resources = [
              + "*",
            ]
          + sid       = "KeyAdministration"

          + principals {
              + identifiers = [
                  + "arn:aws:iam::000000000000:root",
                ]
              + type        = "AWS"
            }
        }
      + statement {
          + actions   = [
              + "kms:Decrypt",
              + "kms:DescribeKey",
              + "kms:Encrypt",
              + "kms:GenerateDataKey*",
              + "kms:ReEncrypt*",
            ]
          + resources = [
              + "*",
            ]
          + sid       = "KeyUsage"

          + principals {
              + identifiers = [
                  + (known after apply),
                ]
              + type        = "AWS"
            }
        }
    }

  # module.eks.module.kms.aws_kms_alias.this["cluster"] will be created
  + resource "aws_kms_alias" "this" {
      + arn            = (known after apply)
      + id             = (known after apply)
      + name           = "alias/eks/app-eks-cluster"
      + name_prefix    = (known after apply)
      + region         = "us-west-2"
      + target_key_arn = (known after apply)
      + target_key_id  = (known after apply)
    }

  # module.eks.module.kms.aws_kms_key.this[0] will be created
  + resource "aws_kms_key" "this" {
      + arn                                = (known after apply)
      + bypass_policy_lockout_safety_check = false
      + customer_master_key_spec           = "SYMMETRIC_DEFAULT"
      + description                        = "app-eks-cluster cluster encryption key"
      + enable_key_rotation                = true
      + id                                 = (known after apply)
      + is_enabled                         = true
      + key_id                             = (known after apply)
      + key_usage                          = "ENCRYPT_DECRYPT"
      + multi_region                       = false
      + policy                             = (known after apply)
      + region                             = "us-west-2"
      + rotation_period_in_days            = (known after apply)
      + tags                               = {
          + "Environment"           = "dev"
          + "Terraform"             = "true"
          + "terraform-aws-modules" = "eks"
        }
      + tags_all                           = {
          + "Environment"           = "dev"
          + "Terraform"             = "true"
          + "terraform-aws-modules" = "eks"
        }
    }

  # module.eks.module.eks_managed_node_group["default"].module.user_data.null_resource.validate_cluster_service_cidr will be created
  + resource "null_resource" "validate_cluster_service_cidr" {
      + id = (known after apply)
    }

Plan: 63 to add, 0 to change, 0 to destroy.

Changes to Outputs:
  + ecr_repository_url   = (known after apply)
  + eks_cluster_endpoint = (known after apply)
  + eks_cluster_name     = "app-eks-cluster"
  + rds_endpoint         = (known after apply)
  + vpc_id               = (known after apply)

Warning: Deprecated Resource

  with kubernetes_namespace.app,
  on k8s_resources.tf line 1, in resource "kubernetes_namespace" "app":
   1: resource "kubernetes_namespace" "app" {

Deprecated; use kubernetes_namespace_v1.

(and 4 more similar warnings elsewhere)
