{"format_version":"1.2","terraform_version":"1.13.5","planned_values":{"outputs":{"lb_dns_name":{"sensitive":false}},"root_module":{"resources":[{"address":"aws_alb_listener.Listener","mode":"managed","type":"aws_alb_listener","name":"Listener","provider_name":"registry.terraform.io/hashicorp/aws","schema_version":0,"values":{"alpn_policy":null,"certificate_arn":null,"default_action":[{"authenticate_cognito":[],"authenticate_oidc":[],"fixed_response":[],"forward":[],"redirect":[],"type":"forward"}],"port":3000,"protocol":"HTTP","tags":null,"timeouts":null},"sensitive_values":{"default_action":[{"authenticate_cognito":[],"authenticate_oidc":[],"fixed_response":[],"forward":[],"redirect":[]}],"mutual_authentication":[],"tags_all":{}}},{"address":"aws_ecs_cluster.HelloECS","mode":"managed","type":"aws_ecs_cluster","name":"HelloECS","provider_name":"registry.terraform.io/hashicorp/aws","schema_version":0,"values":{"configuration":[],"name":"Hello-Node-app","service_connect_defaults":[],"tags":{"name":"hello-world-node-app"},"tags_all":{"name":"hello-world-node-app"}},"sensitive_values":{"configuration":[],"service_connect_defaults":[],"setting":[],"tags":{},"tags_all":{}}},{"address":"aws_ecs_service.nodeapp","mode":"managed","type":"aws_ecs_service","name":"nodeapp","provider_name":"registry.terraform.io/hashicorp/aws","schema_version":1,"values":{"alarms":[],"availability_zone_rebalancing":"DISABLED","capacity_provider_strategy":[],"deployment_circuit_breaker":[],"deployment_controller":[],"deployment_maximum_percent":200,"deployment_minimum_healthy_percent":100,"desired_count":1,"enable_ecs_managed_tags":false,"enable_execute_command":false,"force_delete":null,"force_new_deployment":null,"health_check_grace_period_seconds":null,"launch_type":"FARGATE","load_balancer":[{"container_name":"main-container","container_port":3000,"elb_name":""}],"name":"nodeapp","network_configuration":[{"assign_public_ip":true}],"ordered_placement_strategy":[],"placement_constraints":[],"platform_version":"LATEST","propagate_tags":null,"scheduling_strategy":"REPLICA","service_connect_configuration":[],"service_registries":[],"tags":null,"timeouts":null,"volume_configuration":[],"vpc_lattice_configurations":[],"wait_for_steady_state":false},"sensitive_values":{"alarms":[],"capacity_provider_strategy":[],"deployment_circuit_breaker":[],"deployment_controller":[],"load_balancer":[{}],"network_configuration":[{"security_groups":[],"subnets":[]}],"ordered_placement_strategy":[],"placement_constraints":[],"service_connect_configuration":[],"service_registries":[],"tags_all":{},"triggers":{},"volume_configuration":[],"vpc_lattice_configurations":[]}},{"address":"aws_ecs_task_definition.HelloTD","mode":"managed","type":"aws_ecs_task_definition","name":"HelloTD","provider_name":"registry.terraform.io/hashicorp/aws","schema_version":1,"values":{"container_definitions":"[{\"cpu\":1024,\"essential\":true,\"image\":\"469563970583.dkr.ecr.ap-south-1.amazonaws.com/somesh007\",\"memory\":2048,\"name\":\"main-container\",\"portMappings\":[{\"containerPort\":3000,\"hostPort\":3000}]}]","cpu":"1024","ephemeral_storage":[],"family":"nginx","inference_accelerator":[],"ipc_mode":null,"memory":"2048","network_mode":"awsvpc","pid_mode":null,"placement_constraints":[],"proxy_configuration":[],"requires_compatibilities":["FARGATE"],"runtime_platform":[],"skip_destroy":false,"tags":null,"task_role_arn":null,"track_latest":false,"volume":[]},"sensitive_values":{"ephemeral_storage":[],"inference_accelerator":[],"placement_constraints":[],"proxy_configuration":[],"requires_compatibilities":[false],"runtime_platform":[],"tags_all":{},"volume":[]}},{"address":"aws_iam_role.iam-role","mode":"managed","type":"aws_iam_role","name":"iam-role","provider_name":"registry.terraform.io/hashicorp/aws","schema_version":0,"values":{"assume_role_policy":"{\"Statement\":[{\"Action\":\"sts:AssumeRole\",\"Effect\":\"Allow\",\"Principal\":{\"Service\":\"ecs-tasks.amazonaws.com\"},\"Sid\":\"\"}],\"Version\":\"2008-10-17\"}","description":null,"force_detach_policies":false,"max_session_duration":3600,"name":"ECS-execution-role","path":"/","permissions_boundary":null,"tags":null},"sensitive_values":{"inline_policy":[],"managed_policy_arns":[],"tags_all":{}}},{"address":"aws_iam_role_policy.iam-policy","mode":"managed","type":"aws_iam_role_policy","name":"iam-policy","provider_name":"registry.terraform.io/hashicorp/aws","schema_version":0,"values":{"name":"ECS-execution-role-policy","policy":"{\"Version\":\"2012-10-17\",\"Statement\":[{\"Action\":[\"ecr:GetAuthorizationToken\",\"ecr:BatchCheckLayerAvailability\",\"ecr:GetDownloadUrlForLayer\",\"ecr:BatchGetImage\",\"logs:CreateLogStream\",\"logs:PutLogEvents\"],\"Effect\":\"Allow\",\"Resource\":\"*\"}]}"},"sensitive_values":{}},{"address":"aws_internet_gateway.HelloIG","mode":"managed","type":"aws_internet_gateway","name":"HelloIG","provider_name":"registry.terraform.io/hashicorp/aws","schema_version":0,"values":{"tags":{"Name":"Internet-Gateway"},"tags_all":{"Name":"Internet-Gateway"},"timeouts":null},"sensitive_values":{"tags":{},"tags_all":{}}},{"address":"aws_lb.HelloLB","mode":"managed","type":"aws_lb","name":"HelloLB","provider_name":"registry.terraform.io/hashicorp/aws","schema_version":0,"values":{"access_logs":[],"client_keep_alive":3600,"connection_logs":[],"customer_owned_ipv4_pool":null,"desync_mitigation_mode":"defensive","dns_record_client_routing_policy":null,"drop_invalid_header_fields":false,"enable_cross_zone_load_balancing":null,"enable_deletion_protection":false,"enable_http2":true,"enable_tls_version_and_cipher_suite_headers":false,"enable_waf_fail_open":false,"enable_xff_client_port":false,"enable_zonal_shift":false,"idle_timeout":60,"internal":false,"ipam_pools":[],"load_balancer_type":"application","minimum_load_balancer_capacity":[],"name":"HelloLB","preserve_host_header":false,"tags":{"Name":"LB"},"tags_all":{"Name":"LB"},"timeouts":null,"xff_header_processing_mode":"append"},"sensitive_values":{"access_logs":[],"connection_logs":[],"ipam_pools":[],"minimum_load_balancer_capacity":[],"security_groups":[],"subnet_mapping":[],"subnets":[],"tags":{},"tags_all":{}}},{"address":"aws_lb_target_group.HelloTG","mode":"managed","type":"aws_lb_target_group","name":"HelloTG","provider_name":"registry.terraform.io/hashicorp/aws","schema_version":0,"values":{"deregistration_delay":"300","lambda_multi_value_headers_enabled":false,"name":"HelloTG","port":3000,"protocol":"HTTP","proxy_protocol_v2":false,"slow_start":0,"tags":{"Name":"TG"},"tags_all":{"Name":"TG"},"target_type":"ip"},"sensitive_values":{"health_check":[],"load_balancer_arns":[],"stickiness":[],"tags":{},"tags_all":{},"target_failover":[],"target_group_health":[],"target_health_state":[]}},{"address":"aws_route_table.HelloRT","mode":"managed","type":"aws_route_table","name":"HelloRT","provider_name":"registry.terraform.io/hashicorp/aws","schema_version":0,"values":{"route":[{"carrier_gateway_id":"","cidr_block":"0.0.0.0/0","core_network_arn":"","destination_prefix_list_id":"","egress_only_gateway_id":"","ipv6_cidr_block":"","local_gateway_id":"","nat_gateway_id":"","network_interface_id":"","transit_gateway_id":"","vpc_endpoint_id":"","vpc_peering_connection_id":""}],"tags":null,"timeouts":null},"sensitive_values":{"propagating_vgws":[],"route":[{}],"tags_all":{}}},{"address":"aws_route_table_association.RTA1","mode":"managed","type":"aws_route_table_association","name":"RTA1","provider_name":"registry.terraform.io/hashicorp/aws","schema_version":0,"values":{"gateway_id":null,"timeouts":null},"sensitive_values":{}},{"address":"aws_route_table_association.RTA2","mode":"managed","type":"aws_route_table_association","name":"RTA2","provider_name":"registry.terraform.io/hashicorp/aws","schema_version":0,"values":{"gateway_id":null,"timeouts":null},"sensitive_values":{}},{"address":"aws_security_group.HelloSG","mode":"managed","type":"aws_security_group","name":"HelloSG","provider_name":"registry.terraform.io/hashicorp/aws","schema_version":1,"values":{"description":"Allow Port 3000","egress":[{"cidr_blocks":["0.0.0.0/0"],"description":"","from_port":0,"ipv6_cidr_blocks":[],"prefix_list_ids":[],"protocol":"-1","security_groups":[],"self":false,"to_port":0}],"ingress":[{"cidr_blocks":["0.0.0.0/0"],"description":"","from_port":3000,"ipv6_cidr_blocks":[],"prefix_list_ids":[],"protocol":"tcp","security_groups":[],"self":false,"to_port":3000}],"name":"HelloSG","revoke_rules_on_delete":false,"tags":{"Name":"SG"},"tags_all":{"Name":"SG"},"timeouts":null},"sensitive_values":{"egress":[{"cidr_blocks":[false],"ipv6_cidr_blocks":[],"prefix_list_ids":[],"security_groups":[]}],"ingress":[{"cidr_blocks":[false],"ipv6_cidr_blocks":[],"prefix_list_ids":[],"security_groups":[]}],"tags":{},"tags_all":{}}},{"address":"aws_subnet.subnet1","mode":"managed","type":"aws_subnet","name":"subnet1","provider_name":"registry.terraform.io/hashicorp/aws","schema_version":1,"values":{"assign_ipv6_address_on_creation":false,"availability_zone":"ap-south-1a","cidr_block":"10.0.1.0/24","customer_owned_ipv4_pool":null,"enable_dns64":false,"enable_lni_at_device_index":null,"enable_resource_name_dns_a_record_on_launch":false,"enable_resource_name_dns_aaaa_record_on_launch":false,"ipv6_cidr_block":null,"ipv6_native":false,"map_customer_owned_ip_on_launch":null,"map_public_ip_on_launch":true,"outpost_arn":null,"tags":{"Name":"Hello-public-Subnet1"},"tags_all":{"Name":"Hello-public-Subnet1"},"timeouts":null},"sensitive_values":{"tags":{},"tags_all":{}}},{"address":"aws_subnet.subnet2","mode":"managed","type":"aws_subnet","name":"subnet2","provider_name":"registry.terraform.io/hashicorp/aws","schema_version":1,"values":{"assign_ipv6_address_on_creation":false,"availability_zone":"ap-south-1b","cidr_block":"10.0.2.0/24","customer_owned_ipv4_pool":null,"enable_dns64":false,"enable_lni_at_device_index":null,"enable_resource_name_dns_a_record_on_launch":false,"enable_resource_name_dns_aaaa_record_on_launch":false,"ipv6_cidr_block":null,"ipv6_native":false,"map_customer_owned_ip_on_launch":null,"map_public_ip_on_launch":true,"outpost_arn":null,"tags":{"Name":"Hello-public-Subnet2"},"tags_all":{"Name":"Hello-public-Subnet2"},"timeouts":null},"sensitive_values":{"tags":{},"tags_all":{}}},{"address":"aws_vpc.hellovpc","mode":"managed","type":"aws_vpc","name":"hellovpc","provider_name":"registry.terraform.io/hashicorp/aws","schema_version":1,"values":{"assign_generated_ipv6_cidr_block":null,"cidr_block":"10.0.0.0/16","enable_dns_support":true,"instance_tenancy":"default","ipv4_ipam_pool_id":null,"ipv4_netmask_length":null,"ipv6_ipam_pool_id":null,"ipv6_netmask_length":null,"tags":{"Name":"Hello-node-VPC"},"tags_all":{"Name":"Hello-node-VPC"}},"sensitive_values":{"tags":{},"tags_all":{}}},{"address":"data.aws_ecs_task_definition.HelloTD","mode":"data","type":"aws_ecs_task_definition","name":"HelloTD","provider_name":"registry.terraform.io/hashicorp/aws","schema_version":0,"values":{"task_definition":"nginx"},"sensitive_values":{"ephemeral_storage":[],"inference_accelerator":[],"placement_constraints":[],"proxy_configuration":[],"requires_compatibilities":[],"runtime_platform":[],"volume":[]}}]}},"resource_changes":[{"address":"data.aws_ecs_task_definition.HelloTD","mode":"data","type":"aws_ecs_task_definition","name":"HelloTD","provider_name":"registry.terraform.io/hashicorp/aws","change":{"actions":["read"],"before":null,"after":{"task_definition":"nginx"},"after_unknown":{"arn":true,"arn_without_revision":true,"container_definitions":true,"cpu":true,"enable_fault_injection":true,"ephemeral_storage":true,"execution_role_arn":true,"family":true,"id":true,"inference_accelerator":true,"ipc_mode":true,"memory":true,"network_mode":true,"pid_mode":true,"placement_constraints":true,"proxy_configuration":true,"requires_compatibilities":true,"revision":true,"runtime_platform":true,"status":true,"task_role_arn":true,"volume":true},"before_sensitive":false,"after_sensitive":{"ephemeral_storage":[],"inference_accelerator":[],"placement_constraints":[],"proxy_configuration":[],"requires_compatibilities":[],"runtime_platform":[],"volume":[]}},"action_reason":"read_because_dependency_pending"},{"address":"aws_alb_listener.Listener","mode":"managed","type":"aws_alb_listener","name":"Listener","provider_name":"registry.terraform.io/hashicorp/aws","change":{"actions":["create"],"before":null,"after":{"alpn_policy":null,"certificate_arn":null,"default_action":[{"authenticate_cognito":[],"authenticate_oidc":[],"fixed_response":[],"forward":[],"redirect":[],"type":"forward"}],"port":3000,"protocol":"HTTP","tags":null,"timeouts":null},"after_unknown":{"arn":true,"default_action":[{"authenticate_cognito":[],"authenticate_oidc":[],"fixed_response":[],"forward":[],"order":true,"redirect":[],"target_group_arn":true}],"id":true,"load_balancer_arn":true,"mutual_authentication":true,"routing_http_request_x_amzn_mtls_clientcert_header_name":true,"routing_http_request_x_amzn_mtls_clientcert_issuer_header_name":true,"routing_http_request_x_amzn_mtls_clientcert_leaf_header_name":true,"routing_http_request_x_amzn_mtls_clientcert_serial_number_header_name":true,"routing_http_request_x_amzn_mtls_clientcert_subject_header_name":true,"routing_http_request_x_amzn_mtls_clientcert_validity_header_name":true,"routing_http_request_x_amzn_tls_cipher_suite_header_name":true,"routing_http_request_x_amzn_tls_version_header_name":true,"routing_http_response_access_control_allow_credentials_header_value":true,"routing_http_response_access_control_allow_headers_header_value":true,"routing_http_response_access_control_allow_methods_header_value":true,"routing_http_response_access_control_allow_origin_header_value":true,"routing_http_response_access_control_expose_headers_header_value":true,"routing_http_response_access_control_max_age_header_value":true,"routing_http_response_content_security_policy_header_value":true,"routing_http_response_server_enabled":true,"routing_http_response_strict_transport_security_header_value":true,"routing_http_response_x_content_type_options_header_value":true,"routing_http_response_x_frame_options_header_value":true,"ssl_policy":true,"tags_all":true,"tcp_idle_timeout_seconds":true},"before_sensitive":false,"after_sensitive":{"default_action":[{"authenticate_cognito":[],"authenticate_oidc":[],"fixed_response":[],"forward":[],"redirect":[]}],"mutual_authentication":[],"tags_all":{}}}},{"address":"aws_ecs_cluster.HelloECS","mode":"managed","type":"aws_ecs_cluster","name":"HelloECS","provider_name":"registry.terraform.io/hashicorp/aws","change":{"actions":["create"],"before":null,"after":{"configuration":[],"name":"Hello-Node-app","service_connect_defaults":[],"tags":{"name":"hello-world-node-app"},"tags_all":{"name":"hello-world-node-app"}},"after_unknown":{"arn":true,"configuration":[],"id":true,"service_connect_defaults":[],"setting":true,"tags":{},"tags_all":{}},"before_sensitive":false,"after_sensitive":{"configuration":[],"service_connect_defaults":[],"setting":[],"tags":{},"tags_all":{}}}},{"address":"aws_ecs_service.nodeapp","mode":"managed","type":"aws_ecs_service","name":"nodeapp","provider_name":"registry.terraform.io/hashicorp/aws","change":{"actions":["create"],"before":null,"after":{"alarms":[],"availability_zone_rebalancing":"DISABLED","capacity_provider_strategy":[],"deployment_circuit_breaker":[],"deployment_controller":[],"deployment_maximum_percent":200,"deployment_minimum_healthy_percent":100,"desired_count":1,"enable_ecs_managed_tags":false,"enable_execute_command":false,"force_delete":null,"force_new_deployment":null,"health_check_grace_period_seconds":null,"launch_type":"FARGATE","load_balancer":[{"container_name":"main-container","container_port":3000,"elb_name":""}],"name":"nodeapp","network_configuration":[{"assign_public_ip":true}],"ordered_placement_strategy":[],"placement_constraints":[],"platform_version":"LATEST","propagate_tags":null,"scheduling_strategy":"REPLICA","service_connect_configuration":[],"service_registries":[],"tags":null,"timeouts":null,"volume_configuration":[],"vpc_lattice_configurations":[],"wait_for_steady_state":false},"after_unknown":{"alarms":[],"capacity_provider_strategy":[],"cluster":true,"deployment_circuit_breaker":[],"deployment_controller":[],"iam_role":true,"id":true,"load_balancer":[{"target_group_arn":true}],"network_configuration":[{"security_groups":true,"subnets":true}],"ordered_placement_strategy":[],"placement_constraints":[],"service_connect_configuration":[],"service_registries":[],"tags_all":true,"task_definition":true,"triggers":true,"volume_configuration":[],"vpc_lattice_configurations":[]},"before_sensitive":false,"after_sensitive":{"alarms":[],"capacity_provider_strategy":[],"deployment_circuit_breaker":[],"deployment_controller":[],"load_balancer":[{}],"network_configuration":[{"security_groups":[],"subnets":[]}],"ordered_placement_strategy":[],"placement_constraints":[],"service_connect_configuration":[],"service_registries":[],"tags_all":{},"triggers":{},"volume_configuration":[],"vpc_lattice_configurations":[]}}},{"address":"aws_ecs_task_definition.HelloTD","mode":"managed","type":"aws_ecs_task_definition","name":"HelloTD","provider_name":"registry.terraform.io/hashicorp/aws","change":{"actions":["create"],"before":null,"after":{"container_definitions":"[{\"cpu\":1024,\"essential\":true,\"image\":\"469563970583.dkr.ecr.ap-south-1.amazonaws.com/somesh007\",\"memory\":2048,\"name\":\"main-container\",\"portMappings\":[{\"containerPort\":3000,\"hostPort\":3000}]}]","cpu":"1024","ephemeral_storage":[],"family":"nginx","inference_accelerator":[],"ipc_mode":null,"memory":"2048","network_mode":"awsvpc","pid_mode":null,"placement_constraints":[],"proxy_configuration":[],"requires_compatibilities":["FARGATE"],"runtime_platform":[],"skip_destroy":false,"tags":null,"task_role_arn":null,"track_latest":false,"volume":[]},"after_unknown":{"arn":true,"arn_without_revision":true,"enable_fault_injection":true,"ephemeral_storage":[],"execution_role_arn":true,"id":true,"inference_accelerator":[],"placement_constraints":[],"proxy_configuration":[],"requires_compatibilities":[false],"revision":true,"runtime_platform":[],"tags_all":true,"volume":[]},"before_sensitive":false,"after_sensitive":{"ephemeral_storage":[],"inference_accelerator":[],"placement_constraints":[],"proxy_configuration":[],"requires_compatibilities":[false],"runtime_platform":[],"tags_all":{},"volume":[]}}},{"address":"aws_iam_role.iam-role","mode":"managed","type":"aws_iam_role","name":"iam-role","provider_name":"registry.terraform.io/hashicorp/aws","change":{"actions":["create"],"before":null,"after":{"assume_role_policy":"{\"Statement\":[{\"Action\":\"sts:AssumeRole\",\"Effect\":\"Allow\",\"Principal\":{\"Service\":\"ecs-tasks.amazonaws.com\"},\"Sid\":\"\"}],\"Version\":\"2008-10-17\"}","description":null,"force_detach_policies":false,"max_session_duration":3600,"name":"ECS-execution-role","path":"/","permissions_boundary":null,"tags":null},"after_unknown":{"arn":true,"create_date":true,"id":true,"inline_policy":true,"managed_policy_arns":true,"name_prefix":true,"tags_all":true,"unique_id":true},"before_sensitive":false,"after_sensitive":{"inline_policy":[],"managed_policy_arns":[],"tags_all":{}}}},{"address":"aws_iam_role_policy.iam-policy","mode":"managed","type":"aws_iam_role_policy","name":"iam-policy","provider_name":"registry.terraform.io/hashicorp/aws","change":{"actions":["create"],"before":null,"after":{"name":"ECS-execution-role-policy","policy":"{\"Version\":\"2012-10-17\",\"Statement\":[{\"Action\":[\"ecr:GetAuthorizationToken\",\"ecr:BatchCheckLayerAvailability\",\"ecr:GetDownloadUrlForLayer\",\"ecr:BatchGetImage\",\"logs:CreateLogStream\",\"logs:PutLogEvents\"],\"Effect\":\"Allow\",\"Resource\":\"*\"}]}"},"after_unknown":{"id":true,"name_prefix":true,"role":true},"before_sensitive":false,"after_sensitive":{}}},{"address":"aws_internet_gateway.HelloIG","mode":"managed","type":"aws_internet_gateway","name":"HelloIG","provider_name":"registry.terraform.io/hashicorp/aws","change":{"actions":["create"],"before":null,"after":{"tags":{"Name":"Internet-Gateway"},"tags_all":{"Name":"Internet-Gateway"},"timeouts":null},"after_unknown":{"arn":true,"id":true,"owner_id":true,"tags":{},"tags_all":{},"vpc_id":true},"before_sensitive":false,"after_sensitive":{"tags":{},"tags_all":{}}}},{"address":"aws_lb.HelloLB","mode":"managed","type":"aws_lb","name":"HelloLB","provider_name":"registry.terraform.io/hashicorp/aws","change":{"actions":["create"],"before":null,"after":{"access_logs":[],"client_keep_alive":3600,"connection_logs":[],"customer_owned_ipv4_pool":null,"desync_mitigation_mode":"defensive","dns_record_client_routing_policy":null,"drop_invalid_header_fields":false,"enable_cross_zone_load_balancing":null,"enable_deletion_protection":false,"enable_http2":true,"enable_tls_version_and_cipher_suite_headers":false,"enable_waf_fail_open":false,"enable_xff_client_port":false,"enable_zonal_shift":false,"idle_timeout":60,"internal":false,"ipam_pools":[],"load_balancer_type":"application","minimum_load_balancer_capacity":[],"name":"HelloLB","preserve_host_header":false,"tags":{"Name":"LB"},"tags_all":{"Name":"LB"},"timeouts":null,"xff_header_processing_mode":"append"},"after_unknown":{"access_logs":[],"arn":true,"arn_suffix":true,"connection_logs":[],"dns_name":true,"enforce_security_group_inbound_rules_on_private_link_traffic":true,"id":true,"ip_address_type":true,"ipam_pools":[],"minimum_load_balancer_capacity":[],"name_prefix":true,"security_groups":true,"subnet_mapping":true,"subnets":true,"tags":{},"tags_all":{},"vpc_id":true,"zone_id":true},"before_sensitive":false,"after_sensitive":{"access_logs":[],"connection_logs":[],"ipam_pools":[],"minimum_load_balancer_capacity":[],"security_groups":[],"subnet_mapping":[],"subnets":[],"tags":{},"tags_all":{}}}},{"address":"aws_lb_target_group.HelloTG","mode":"managed","type":"aws_lb_target_group","name":"HelloTG","provider_name":"registry.terraform.io/hashicorp/aws","change":{"actions":["create"],"before":null,"after":{"deregistration_delay":"300","lambda_multi_value_headers_enabled":false,"name":"HelloTG","port":3000,"protocol":"HTTP","proxy_protocol_v2":false,"slow_start":0,"tags":{"Name":"TG"},"tags_all":{"Name":"TG"},"target_type":"ip"},"after_unknown":{"arn":true,"arn_suffix":true,"connection_termination":true,"health_check":true,"id":true,"ip_address_type":true,"load_balancer_arns":true,"load_balancing_algorithm_type":true,"load_balancing_anomaly_mitigation":true,"load_balancing_cross_zone_enabled":true,"name_prefix":true,"preserve_client_ip":true,"protocol_version":true,"stickiness":true,"tags":{},"tags_all":{},"target_failover":true,"target_group_health":true,"target_health_state":true,"vpc_id":true},"before_sensitive":false,"after_sensitive":{"health_check":[],"load_balancer_arns":[],"stickiness":[],"tags":{},"tags_all":{},"target_failover":[],"target_group_health":[],"target_health_state":[]}}},{"address":"aws_route_table.HelloRT","mode":"managed","type":"aws_route_table","name":"HelloRT","provider_name":"registry.terraform.io/hashicorp/aws","change":{"actions":["create"],"before":null,"after":{"route":[{"carrier_gateway_id":"","cidr_block":"0.0.0.0/0","core_network_arn":"","destination_prefix_list_id":"","egress_only_gateway_id":"","ipv6_cidr_block":"","local_gateway_id":"","nat_gateway_id":"","network_interface_id":"","transit_gateway_id":"","vpc_endpoint_id":"","vpc_peering_connection_id":""}],"tags":null,"timeouts":null},"after_unknown":{"arn":true,"id":true,"owner_id":true,"propagating_vgws":true,"route":[{"gateway_id":true}],"tags_all":true,"vpc_id":true},"before_sensitive":false,"after_sensitive":{"propagating_vgws":[],"route":[{}],"tags_all":{}}}},{"address":"aws_route_table_association.RTA1","mode":"managed","type":"aws_route_table_association","name":"RTA1","provider_name":"registry.terraform.io/hashicorp/aws","change":{"actions":["create"],"before":null,"after":{"gateway_id":null,"timeouts":null},"after_unknown":{"id":true,"route_table_id":true,"subnet_id":true},"before_sensitive":false,"after_sensitive":{}}},{"address":"aws_route_table_association.RTA2","mode":"managed","type":"aws_route_table_association","name":"RTA2","provider_name":"registry.terraform.io/hashicorp/aws","change":{"actions":["create"],"before":null,"after":{"gateway_id":null,"timeouts":null},"after_unknown":{"id":true,"route_table_id":true,"subnet_id":true},"before_sensitive":false,"after_sensitive":{}}},{"address":"aws_security_group.HelloSG","mode":"managed","type":"aws_security_group","name":"HelloSG","provider_name":"registry.terraform.io/hashicorp/aws","change":{"actions":["create"],"before":null,"after":{"description":"Allow Port 3000","egress":[{"cidr_blocks":["0.0.0.0/0"],"description":"","from_port":0,"ipv6_cidr_blocks":[],"prefix_list_ids":[],"protocol":"-1","security_groups":[],"self":false,"to_port":0}],"ingress":[{"cidr_blocks":["0.0.0.0/0"],"description":"","from_port":3000,"ipv6_cidr_blocks":[],"prefix_list_ids":[],"protocol":"tcp","security_groups":[],"self":false,"to_port":3000}],"name":"HelloSG","revoke_rules_on_delete":false,"tags":{"Name":"SG"},"tags_all":{"Name":"SG"},"timeouts":null},"after_unknown":{"arn":true,"egress":[{"cidr_blocks":[false],"ipv6_cidr_blocks":[],"prefix_list_ids":[],"security_groups":[]}],"id":true,"ingress":[{"cidr_blocks":[false],"ipv6_cidr_blocks":[],"prefix_list_ids":[],"security_groups":[]}],"name_prefix":true,"owner_id":true,"tags":{},"tags_all":{},"vpc_id":true},"before_sensitive":false,"after_sensitive":{"egress":[{"cidr_blocks":[false],"ipv6_cidr_blocks":[],"prefix_list_ids":[],"security_groups":[]}],"ingress":[{"cidr_blocks":[false],"ipv6_cidr_blocks":[],"prefix_list_ids":[],"security_groups":[]}],"tags":{},"tags_all":{}}}},{"address":"aws_subnet.subnet1","mode":"managed","type":"aws_subnet","name":"subnet1","provider_name":"registry.terraform.io/hashicorp/aws","change":{"actions":["create"],"before":null,"after":{"assign_ipv6_address_on_creation":false,"availability_zone":"ap-south-1a","cidr_block":"10.0.1.0/24","customer_owned_ipv4_pool":null,"enable_dns64":false,"enable_lni_at_device_index":null,"enable_resource_name_dns_a_record_on_launch":false,"enable_resource_name_dns_aaaa_record_on_launch":false,"ipv6_cidr_block":null,"ipv6_native":false,"map_customer_owned_ip_on_launch":null,"map_public_ip_on_launch":true,"outpost_arn":null,"tags":{"Name":"Hello-public-Subnet1"},"tags_all":{"Name":"Hello-public-Subnet1"},"timeouts":null},"after_unknown":{"arn":true,"availability_zone_id":true,"id":true,"ipv6_cidr_block_association_id":true,"owner_id":true,"private_dns_hostname_type_on_launch":true,"tags":{},"tags_all":{},"vpc_id":true},"before_sensitive":false,"after_sensitive":{"tags":{},"tags_all":{}}}},{"address":"aws_subnet.subnet2","mode":"managed","type":"aws_subnet","name":"subnet2","provider_name":"registry.terraform.io/hashicorp/aws","change":{"actions":["create"],"before":null,"after":{"assign_ipv6_address_on_creation":false,"availability_zone":"ap-south-1b","cidr_block":"10.0.2.0/24","customer_owned_ipv4_pool":null,"enable_dns64":false,"enable_lni_at_device_index":null,"enable_resource_name_dns_a_record_on_launch":false,"enable_resource_name_dns_aaaa_record_on_launch":false,"ipv6_cidr_block":null,"ipv6_native":false,"map_customer_owned_ip_on_launch":null,"map_public_ip_on_launch":true,"outpost_arn":null,"tags":{"Name":"Hello-public-Subnet2"},"tags_all":{"Name":"Hello-public-Subnet2"},"timeouts":null},"after_unknown":{"arn":true,"availability_zone_id":true,"id":true,"ipv6_cidr_block_association_id":true,"owner_id":true,"private_dns_hostname_type_on_launch":true,"tags":{},"tags_all":{},"vpc_id":true},"before_sensitive":false,"after_sensitive":{"tags":{},"tags_all":{}}}},{"address":"aws_vpc.hellovpc","mode":"managed","type":"aws_vpc","name":"hellovpc","provider_name":"registry.terraform.io/hashicorp/aws","change":{"actions":["create"],"before":null,"after":{"assign_generated_ipv6_cidr_block":null,"cidr_block":"10.0.0.0/16","enable_dns_support":true,"instance_tenancy":"default","ipv4_ipam_pool_id":null,"ipv4_netmask_length":null,"ipv6_ipam_pool_id":null,"ipv6_netmask_length":null,"tags":{"Name":"Hello-node-VPC"},"tags_all":{"Name":"Hello-node-VPC"}},"after_unknown":{"arn":true,"default_network_acl_id":true,"default_route_table_id":true,"default_security_group_id":true,"dhcp_options_id":true,"enable_dns_hostnames":true,"enable_network_address_usage_metrics":true,"id":true,"ipv6_association_id":true,"ipv6_cidr_block":true,"ipv6_cidr_block_network_border_group":true,"main_route_table_id":true,"owner_id":true,"tags":{},"tags_all":{}},"before_sensitive":false,"after_sensitive":{"tags":{},"tags_all":{}}}}],"output_changes":{"lb_dns_name":{"actions":["create"],"before":null,"after_unknown":true,"before_sensitive":false,"after_sensitive":false}},"configuration":{"provider_config":{"aws":{"name":"aws","full_name":"registry.terraform.io/hashicorp/aws","version_constraint":"~\u003e 5.0","expressions":{"region":{"constant_value":"ap-south-1"}}}},"root_module":{"outputs":{"lb_dns_name":{"expression":{"references":["aws_lb.HelloLB.dns_name","aws_lb.HelloLB"]}}},"resources":[{"address":"aws_alb_listener.Listener","mode":"managed","type":"aws_alb_listener","name":"Listener","provider_config_key":"aws","expressions":{"default_action":[{"target_group_arn":{"references":["aws_lb_target_group.HelloTG.id","aws_lb_target_group.HelloTG"]},"type":{"constant_value":"forward"}}],"load_balancer_arn":{"references":["aws_lb.HelloLB.id","aws_lb.HelloLB"]},"port":{"constant_value":"3000"},"protocol":{"constant_value":"HTTP"}},"schema_version":0},{"address":"aws_ecs_cluster.HelloECS","mode":"managed","type":"aws_ecs_cluster","name":"HelloECS","provider_config_key":"aws","expressions":{"name":{"constant_value":"Hello-Node-app"},"tags":{"constant_value":{"name":"hello-world-node-app"}}},"schema_version":0},{"address":"aws_ecs_service.nodeapp","mode":"managed","type":"aws_ecs_service","name":"nodeapp","provider_config_key":"aws","expressions":{"cluster":{"references":["aws_ecs_cluster.HelloECS.id","aws_ecs_cluster.HelloECS"]},"deployment_maximum_percent":{"constant_value":200},"deployment_minimum_healthy_percent":{"constant_value":100},"desired_count":{"constant_value":1},"launch_type":{"constant_value":"FARGATE"},"load_balancer":[{"container_name":{"constant_value":"main-container"},"container_port":{"constant_value":3000},"target_group_arn":{"references":["aws_lb_target_group.HelloTG.arn","aws_lb_target_group.HelloTG"]}}],"name":{"constant_value":"nodeapp"},"network_configuration":[{"assign_public_ip":{"constant_value":true},"security_groups":{"references":["aws_security_group.HelloSG.id","aws_security_group.HelloSG"]},"subnets":{"references":["aws_subnet.subnet1.id","aws_subnet.subnet1","aws_subnet.subnet2.id","aws_subnet.subnet2"]}}],"platform_version":{"constant_value":"LATEST"},"scheduling_strategy":{"constant_value":"REPLICA"},"task_definition":{"references":["aws_ecs_task_definition.HelloTD.arn","aws_ecs_task_definition.HelloTD"]}},"schema_version":1,"depends_on":["aws_alb_listener.Listener","aws_iam_role.iam-role"]},{"address":"aws_ecs_task_definition.HelloTD","mode":"managed","type":"aws_ecs_task_definition","name":"HelloTD","provider_config_key":"aws","expressions":{"container_definitions":{},"cpu":{"constant_value":1024},"execution_role_arn":{"references":["aws_iam_role.iam-role.arn","aws_iam_role.iam-role"]},"family":{"constant_value":"nginx"},"memory":{"constant_value":2048},"network_mode":{"constant_value":"awsvpc"},"requires_compatibilities":{"constant_value":["FARGATE"]}},"schema_version":1},{"address":"aws_iam_role.iam-role","mode":"managed","type":"aws_iam_role","name":"iam-role","provider_config_key":"aws","expressions":{"assume_role_policy":{"references":["path.module"]},"name":{"constant_value":"ECS-execution-role"}},"schema_version":0},{"address":"aws_iam_role_policy.iam-policy","mode":"managed","type":"aws_iam_role_policy","name":"iam-policy","provider_config_key":"aws","expressions":{"name":{"constant_value":"ECS-execution-role-policy"},"policy":{"references":["path.module"]},"role":{"references":["aws_iam_role.iam-role.id","aws_iam_role.iam-role"]}},"schema_version":0},{"address":"aws_internet_gateway.HelloIG","mode":"managed","type":"aws_internet_gateway","name":"HelloIG","provider_config_key":"aws","expressions":{"tags":{"constant_value":{"Name":"Internet-Gateway"}},"vpc_id":{"references":["aws_vpc.hellovpc.id","aws_vpc.hellovpc"]}},"schema_version":0},{"address":"aws_lb.HelloLB","mode":"managed","type":"aws_lb","name":"HelloLB","provider_config_key":"aws","expressions":{"internal":{"constant_value":false},"load_balancer_type":{"constant_value":"application"},"name":{"constant_value":"HelloLB"},"security_groups":{"references":["aws_security_group.HelloSG.id","aws_security_group.HelloSG"]},"subnets":{"references":["aws_subnet.subnet1.id","aws_subnet.subnet1","aws_subnet.subnet2.id","aws_subnet.subnet2"]},"tags":{"constant_value":{"Name":"LB"}}},"schema_version":0},{"address":"aws_lb_target_group.HelloTG","mode":"managed","type":"aws_lb_target_group","name":"HelloTG","provider_config_key":"aws","expressions":{"name":{"constant_value":"HelloTG"},"port":{"constant_value":"3000"},"protocol":{"constant_value":"HTTP"},"tags":{"constant_value":{"Name":"TG"}},"target_type":{"constant_value":"ip"},"vpc_id":{"references":["aws_vpc.hellovpc.id","aws_vpc.hellovpc"]}},"schema_version":0},{"address":"aws_route_table.HelloRT","mode":"managed","type":"aws_route_table","name":"HelloRT","provider_config_key":"aws","expressions":{"route":{"references":["aws_internet_gateway.HelloIG.id","aws_internet_gateway.HelloIG"]},"vpc_id":{"references":["aws_vpc.hellovpc.id","aws_vpc.hellovpc"]}},"schema_version":0},{"address":"aws_route_table_association.RTA1","mode":"managed","type":"aws_route_table_association","name":"RTA1","provider_config_key":"aws","expressions":{"route_table_id":{"references":["aws_route_table.HelloRT.id","aws_route_table.HelloRT"]},"subnet_id":{"references":["aws_subnet.subnet1.id","aws_subnet.subnet1"]}},"schema_version":0},{"address":"aws_route_table_association.RTA2","mode":"managed","type":"aws_route_table_association","name":"RTA2","provider_config_key":"aws","expressions":{"route_table_id":{"references":["aws_route_table.HelloRT.id","aws_route_table.HelloRT"]},"subnet_id":{"references":["aws_subnet.subnet2.id","aws_subnet.subnet2"]}},"schema_version":0},{"address":"aws_security_group.HelloSG","mode":"managed","type":"aws_security_group","name":"HelloSG","provider_config_key":"aws","expressions":{"description":{"constant_value":"Allow Port 3000"},"egress":{"constant_value":[{"cidr_blocks":["0.0.0.0/0"],"description":null,"from_port":0,"ipv6_cidr_blocks":null,"prefix_list_ids":null,"protocol":"-1","security_groups":null,"self":null,"to_port":0}]},"ingress":{"constant_value":[{"cidr_blocks":["0.0.0.0/0"],"description":null,"from_port":3000,"ipv6_cidr_blocks":null,"prefix_list_ids":null,"protocol":"tcp","security_groups":null,"self":null,"to_port":3000}]},"name":{"constant_value":"HelloSG"},"tags":{"constant_value":{"Name":"SG"}},"vpc_id":{"references":["aws_vpc.hellovpc.id","aws_vpc.hellovpc"]}},"schema_version":1},{"address":"aws_subnet.subnet1","mode":"managed","type":"aws_subnet","name":"subnet1","provider_config_key":"aws","expressions":{"availability_zone":{"constant_value":"ap-south-1a"},"cidr_block":{"constant_value":"10.0.1.0/24"},"map_public_ip_on_launch":{"constant_value":true},"tags":{"constant_value":{"Name":"Hello-public-Subnet1"}},"vpc_id":{"references":["aws_vpc.hellovpc.id","aws_vpc.hellovpc"]}},"schema_version":1},{"address":"aws_subnet.subnet2","mode":"managed","type":"aws_subnet","name":"subnet2","provider_config_key":"aws","expressions":{"availability_zone":{"constant_value":"ap-south-1b"},"cidr_block":{"constant_value":"10.0.2.0/24"},"map_public_ip_on_launch":{"constant_value":true},"tags":{"constant_value":{"Name":"Hello-public-Subnet2"}},"vpc_id":{"references":["aws_vpc.hellovpc.id","aws_vpc.hellovpc"]}},"schema_version":1},{"address":"aws_vpc.hellovpc","mode":"managed","type":"aws_vpc","name":"hellovpc","provider_config_key":"aws","expressions":{"cidr_block":{"constant_value":"10.0.0.0/16"},"tags":{"constant_value":{"Name":"Hello-node-VPC"}}},"schema_version":1},{"address":"data.aws_ecs_task_definition.HelloTD","mode":"data","type":"aws_ecs_task_definition","name":"HelloTD","provider_config_key":"aws","expressions":{"task_definition":{"references":["aws_ecs_task_definition.HelloTD.family","aws_ecs_task_definition.HelloTD"]}},"schema_version":0}]}},"relevant_attributes":[{"resource":"aws_internet_gateway.HelloIG","attribute":["id"]},{"resource":"aws_lb.HelloLB","attribute":["dns_name"]},{"resource":"aws_lb.HelloLB","attribute":["id"]},{"resource":"aws_security_group.HelloSG","attribute":["id"]},{"resource":"aws_iam_role.iam-role","attribute":["arn"]},{"resource":"aws_vpc.hellovpc","attribute":["id"]},{"resource":"aws_ecs_task_definition.HelloTD","attribute":["arn"]},{"resource":"aws_lb_target_group.HelloTG","attribute":["id"]},{"resource":"aws_ecs_task_definition.HelloTD","attribute":["family"]},{"resource":"aws_iam_role.iam-role","attribute":["id"]},{"resource":"aws_route_table.HelloRT","attribute":["id"]},{"resource":"aws_subnet.subnet1","attribute":["id"]},{"resource":"aws_ecs_cluster.HelloECS","attribute":["id"]},{"resource":"aws_subnet.subnet2","attribute":["id"]},{"resource":"aws_lb_target_group.HelloTG","attribute":["arn"]}],"timestamp":"2026-01-25T20:53:54Z","applyable":true,"complete":true,"errored":false}
