{"format_version":"1.2","terraform_version":"1.13.5","variables":{"app_name":{"value":"cool-sharedservices-freeipa"},"artifact_bucket_force_destroy":{"value":false},"aws_region":{"value":"us-east-1"},"tags":{"value":{}}},"planned_values":{"outputs":{"artifact_bucket_arn":{"sensitive":false},"artifact_bucket_name":{"sensitive":false},"artifact_writer_role_arn":{"sensitive":false}},"root_module":{"resources":[{"address":"aws_iam_policy.artifact_writer","mode":"managed","type":"aws_iam_policy","name":"artifact_writer","provider_name":"registry.terraform.io/hashicorp/aws","schema_version":0,"values":{"description":null,"name_prefix":"freeipa-art-wr-","path":"/","tags":null,"tags_all":{"ManagedBy":"Terraform","Project":"cool-sharedservices-freeipa"}},"sensitive_values":{"tags_all":{}}},{"address":"aws_iam_role.artifact_writer","mode":"managed","type":"aws_iam_role","name":"artifact_writer","provider_name":"registry.terraform.io/hashicorp/aws","schema_version":0,"values":{"assume_role_policy":"{\"Statement\":[{\"Action\":\"sts:AssumeRole\",\"Effect\":\"Allow\",\"Principal\":{\"AWS\":\"arn:aws:iam::000000000000:root\"}}],\"Version\":\"2012-10-17\"}","description":null,"force_detach_policies":false,"max_session_duration":3600,"name_prefix":"freeipa-art-wr-","path":"/","permissions_boundary":null,"tags":null,"tags_all":{"ManagedBy":"Terraform","Project":"cool-sharedservices-freeipa"}},"sensitive_values":{"inline_policy":[],"managed_policy_arns":[],"tags_all":{}}},{"address":"aws_iam_role_policy_attachment.artifact_writer","mode":"managed","type":"aws_iam_role_policy_attachment","name":"artifact_writer","provider_name":"registry.terraform.io/hashicorp/aws","schema_version":0,"sensitive_values":{}},{"address":"aws_s3_bucket.artifacts","mode":"managed","type":"aws_s3_bucket","name":"artifacts","provider_name":"registry.terraform.io/hashicorp/aws","schema_version":0,"values":{"bucket_prefix":"freeipa-artifacts-","force_destroy":false,"tags":null,"tags_all":{"ManagedBy":"Terraform","Project":"cool-sharedservices-freeipa"},"timeouts":null},"sensitive_values":{"cors_rule":[],"grant":[],"lifecycle_rule":[],"logging":[],"object_lock_configuration":[],"replication_configuration":[],"server_side_encryption_configuration":[],"tags_all":{},"versioning":[],"website":[]}},{"address":"aws_s3_bucket_public_access_block.artifacts","mode":"managed","type":"aws_s3_bucket_public_access_block","name":"artifacts","provider_name":"registry.terraform.io/hashicorp/aws","schema_version":0,"values":{"block_public_acls":true,"block_public_policy":true,"ignore_public_acls":true,"restrict_public_buckets":true},"sensitive_values":{}},{"address":"aws_s3_bucket_server_side_encryption_configuration.artifacts","mode":"managed","type":"aws_s3_bucket_server_side_encryption_configuration","name":"artifacts","provider_name":"registry.terraform.io/hashicorp/aws","schema_version":0,"values":{"expected_bucket_owner":null,"rule":[{"apply_server_side_encryption_by_default":[{"kms_master_key_id":"","sse_algorithm":"AES256"}],"bucket_key_enabled":null}]},"sensitive_values":{"rule":[{"apply_server_side_encryption_by_default":[{}]}]}},{"address":"aws_s3_bucket_versioning.artifacts","mode":"managed","type":"aws_s3_bucket_versioning","name":"artifacts","provider_name":"registry.terraform.io/hashicorp/aws","schema_version":0,"values":{"expected_bucket_owner":null,"mfa":null,"versioning_configuration":[{"status":"Enabled"}]},"sensitive_values":{"versioning_configuration":[{}]}},{"address":"data.aws_iam_policy_document.artifact_writer","mode":"data","type":"aws_iam_policy_document","name":"artifact_writer","provider_name":"registry.terraform.io/hashicorp/aws","schema_version":0,"values":{"override_json":null,"override_policy_documents":null,"policy_id":null,"source_json":null,"source_policy_documents":null,"statement":[{"actions":["s3:ListBucket"],"condition":[],"effect":"Allow","not_actions":null,"not_principals":[],"not_resources":null,"principals":[],"resources":[null],"sid":"ListBucket"},{"actions":["s3:DeleteObject","s3:GetObject","s3:PutObject"],"condition":[],"effect":"Allow","not_actions":null,"not_principals":[],"not_resources":null,"principals":[],"resources":[null],"sid":"ObjectRW"}],"version":null},"sensitive_values":{"statement":[{"actions":[false],"condition":[],"not_principals":[],"principals":[],"resources":[false]},{"actions":[false,false,false],"condition":[],"not_principals":[],"principals":[],"resources":[false]}]}}]}},"resource_changes":[{"address":"data.aws_iam_policy_document.artifact_writer","mode":"data","type":"aws_iam_policy_document","name":"artifact_writer","provider_name":"registry.terraform.io/hashicorp/aws","change":{"actions":["read"],"before":null,"after":{"override_json":null,"override_policy_documents":null,"policy_id":null,"source_json":null,"source_policy_documents":null,"statement":[{"actions":["s3:ListBucket"],"condition":[],"effect":"Allow","not_actions":null,"not_principals":[],"not_resources":null,"principals":[],"resources":[null],"sid":"ListBucket"},{"actions":["s3:DeleteObject","s3:GetObject","s3:PutObject"],"condition":[],"effect":"Allow","not_actions":null,"not_principals":[],"not_resources":null,"principals":[],"resources":[null],"sid":"ObjectRW"}],"version":null},"after_unknown":{"id":true,"json":true,"minified_json":true,"statement":[{"actions":[false],"condition":[],"not_principals":[],"principals":[],"resources":[true]},{"actions":[false,false,false],"condition":[],"not_principals":[],"principals":[],"resources":[true]}]},"before_sensitive":false,"after_sensitive":{"statement":[{"actions":[false],"condition":[],"not_principals":[],"principals":[],"resources":[false]},{"actions":[false,false,false],"condition":[],"not_principals":[],"principals":[],"resources":[false]}]}},"action_reason":"read_because_config_unknown"},{"address":"aws_iam_policy.artifact_writer","mode":"managed","type":"aws_iam_policy","name":"artifact_writer","provider_name":"registry.terraform.io/hashicorp/aws","change":{"actions":["create"],"before":null,"after":{"description":null,"name_prefix":"freeipa-art-wr-","path":"/","tags":null,"tags_all":{"ManagedBy":"Terraform","Project":"cool-sharedservices-freeipa"}},"after_unknown":{"arn":true,"attachment_count":true,"id":true,"name":true,"policy":true,"policy_id":true,"tags_all":{}},"before_sensitive":false,"after_sensitive":{"tags_all":{}}}},{"address":"aws_iam_role.artifact_writer","mode":"managed","type":"aws_iam_role","name":"artifact_writer","provider_name":"registry.terraform.io/hashicorp/aws","change":{"actions":["create"],"before":null,"after":{"assume_role_policy":"{\"Statement\":[{\"Action\":\"sts:AssumeRole\",\"Effect\":\"Allow\",\"Principal\":{\"AWS\":\"arn:aws:iam::000000000000:root\"}}],\"Version\":\"2012-10-17\"}","description":null,"force_detach_policies":false,"max_session_duration":3600,"name_prefix":"freeipa-art-wr-","path":"/","permissions_boundary":null,"tags":null,"tags_all":{"ManagedBy":"Terraform","Project":"cool-sharedservices-freeipa"}},"after_unknown":{"arn":true,"create_date":true,"id":true,"inline_policy":true,"managed_policy_arns":true,"name":true,"tags_all":{},"unique_id":true},"before_sensitive":false,"after_sensitive":{"inline_policy":[],"managed_policy_arns":[],"tags_all":{}}}},{"address":"aws_iam_role_policy_attachment.artifact_writer","mode":"managed","type":"aws_iam_role_policy_attachment","name":"artifact_writer","provider_name":"registry.terraform.io/hashicorp/aws","change":{"actions":["create"],"before":null,"after":{},"after_unknown":{"id":true,"policy_arn":true,"role":true},"before_sensitive":false,"after_sensitive":{}}},{"address":"aws_s3_bucket.artifacts","mode":"managed","type":"aws_s3_bucket","name":"artifacts","provider_name":"registry.terraform.io/hashicorp/aws","change":{"actions":["create"],"before":null,"after":{"bucket_prefix":"freeipa-artifacts-","force_destroy":false,"tags":null,"tags_all":{"ManagedBy":"Terraform","Project":"cool-sharedservices-freeipa"},"timeouts":null},"after_unknown":{"acceleration_status":true,"acl":true,"arn":true,"bucket":true,"bucket_domain_name":true,"bucket_regional_domain_name":true,"cors_rule":true,"grant":true,"hosted_zone_id":true,"id":true,"lifecycle_rule":true,"logging":true,"object_lock_configuration":true,"object_lock_enabled":true,"policy":true,"region":true,"replication_configuration":true,"request_payer":true,"server_side_encryption_configuration":true,"tags_all":{},"versioning":true,"website":true,"website_domain":true,"website_endpoint":true},"before_sensitive":false,"after_sensitive":{"cors_rule":[],"grant":[],"lifecycle_rule":[],"logging":[],"object_lock_configuration":[],"replication_configuration":[],"server_side_encryption_configuration":[],"tags_all":{},"versioning":[],"website":[]}}},{"address":"aws_s3_bucket_public_access_block.artifacts","mode":"managed","type":"aws_s3_bucket_public_access_block","name":"artifacts","provider_name":"registry.terraform.io/hashicorp/aws","change":{"actions":["create"],"before":null,"after":{"block_public_acls":true,"block_public_policy":true,"ignore_public_acls":true,"restrict_public_buckets":true},"after_unknown":{"bucket":true,"id":true},"before_sensitive":false,"after_sensitive":{}}},{"address":"aws_s3_bucket_server_side_encryption_configuration.artifacts","mode":"managed","type":"aws_s3_bucket_server_side_encryption_configuration","name":"artifacts","provider_name":"registry.terraform.io/hashicorp/aws","change":{"actions":["create"],"before":null,"after":{"expected_bucket_owner":null,"rule":[{"apply_server_side_encryption_by_default":[{"kms_master_key_id":"","sse_algorithm":"AES256"}],"bucket_key_enabled":null}]},"after_unknown":{"bucket":true,"id":true,"rule":[{"apply_server_side_encryption_by_default":[{}]}]},"before_sensitive":false,"after_sensitive":{"rule":[{"apply_server_side_encryption_by_default":[{}]}]}}},{"address":"aws_s3_bucket_versioning.artifacts","mode":"managed","type":"aws_s3_bucket_versioning","name":"artifacts","provider_name":"registry.terraform.io/hashicorp/aws","change":{"actions":["create"],"before":null,"after":{"expected_bucket_owner":null,"mfa":null,"versioning_configuration":[{"status":"Enabled"}]},"after_unknown":{"bucket":true,"id":true,"versioning_configuration":[{"mfa_delete":true}]},"before_sensitive":false,"after_sensitive":{"versioning_configuration":[{}]}}}],"output_changes":{"artifact_bucket_arn":{"actions":["create"],"before":null,"after_unknown":true,"before_sensitive":false,"after_sensitive":false},"artifact_bucket_name":{"actions":["create"],"before":null,"after_unknown":true,"before_sensitive":false,"after_sensitive":false},"artifact_writer_role_arn":{"actions":["create"],"before":null,"after_unknown":true,"before_sensitive":false,"after_sensitive":false}},"prior_state":{"format_version":"1.0","terraform_version":"1.13.5","values":{"root_module":{"resources":[{"address":"data.aws_caller_identity.current","mode":"data","type":"aws_caller_identity","name":"current","provider_name":"registry.terraform.io/hashicorp/aws","schema_version":0,"values":{"account_id":"000000000000","arn":"arn:aws:iam::000000000000:root","id":"000000000000","user_id":"AKIAIOSFODNN7EXAMPLE"},"sensitive_values":{}}]}}},"configuration":{"provider_config":{"aws":{"name":"aws","full_name":"registry.terraform.io/hashicorp/aws","version_constraint":"~\u003e 5.0","expressions":{"default_tags":[{"tags":{"references":["var.app_name","var.tags"]}}],"region":{"references":["var.aws_region"]}}}},"root_module":{"outputs":{"artifact_bucket_arn":{"expression":{"references":["aws_s3_bucket.artifacts.arn","aws_s3_bucket.artifacts"]},"description":"ARN of the S3 bucket created for artifacts."},"artifact_bucket_name":{"expression":{"references":["aws_s3_bucket.artifacts.bucket","aws_s3_bucket.artifacts"]},"description":"Name of the S3 bucket created for artifacts/state-like storage."},"artifact_writer_role_arn":{"expression":{"references":["aws_iam_role.artifact_writer.arn","aws_iam_role.artifact_writer"]},"description":"ARN of the IAM role that can read/write objects in the artifact bucket."}},"resources":[{"address":"aws_iam_policy.artifact_writer","mode":"managed","type":"aws_iam_policy","name":"artifact_writer","provider_config_key":"aws","expressions":{"name_prefix":{"constant_value":"freeipa-art-wr-"},"policy":{"references":["data.aws_iam_policy_document.artifact_writer.json","data.aws_iam_policy_document.artifact_writer"]}},"schema_version":0},{"address":"aws_iam_role.artifact_writer","mode":"managed","type":"aws_iam_role","name":"artifact_writer","provider_config_key":"aws","expressions":{"assume_role_policy":{"references":["data.aws_caller_identity.current.arn","data.aws_caller_identity.current"]},"name_prefix":{"constant_value":"freeipa-art-wr-"}},"schema_version":0},{"address":"aws_iam_role_policy_attachment.artifact_writer","mode":"managed","type":"aws_iam_role_policy_attachment","name":"artifact_writer","provider_config_key":"aws","expressions":{"policy_arn":{"references":["aws_iam_policy.artifact_writer.arn","aws_iam_policy.artifact_writer"]},"role":{"references":["aws_iam_role.artifact_writer.name","aws_iam_role.artifact_writer"]}},"schema_version":0},{"address":"aws_s3_bucket.artifacts","mode":"managed","type":"aws_s3_bucket","name":"artifacts","provider_config_key":"aws","expressions":{"bucket_prefix":{"constant_value":"freeipa-artifacts-"},"force_destroy":{"references":["var.artifact_bucket_force_destroy"]}},"schema_version":0},{"address":"aws_s3_bucket_public_access_block.artifacts","mode":"managed","type":"aws_s3_bucket_public_access_block","name":"artifacts","provider_config_key":"aws","expressions":{"block_public_acls":{"constant_value":true},"block_public_policy":{"constant_value":true},"bucket":{"references":["aws_s3_bucket.artifacts.id","aws_s3_bucket.artifacts"]},"ignore_public_acls":{"constant_value":true},"restrict_public_buckets":{"constant_value":true}},"schema_version":0},{"address":"aws_s3_bucket_server_side_encryption_configuration.artifacts","mode":"managed","type":"aws_s3_bucket_server_side_encryption_configuration","name":"artifacts","provider_config_key":"aws","expressions":{"bucket":{"references":["aws_s3_bucket.artifacts.id","aws_s3_bucket.artifacts"]},"rule":[{"apply_server_side_encryption_by_default":[{"sse_algorithm":{"constant_value":"AES256"}}]}]},"schema_version":0},{"address":"aws_s3_bucket_versioning.artifacts","mode":"managed","type":"aws_s3_bucket_versioning","name":"artifacts","provider_config_key":"aws","expressions":{"bucket":{"references":["aws_s3_bucket.artifacts.id","aws_s3_bucket.artifacts"]},"versioning_configuration":[{"status":{"constant_value":"Enabled"}}]},"schema_version":0},{"address":"data.aws_caller_identity.current","mode":"data","type":"aws_caller_identity","name":"current","provider_config_key":"aws","schema_version":0},{"address":"data.aws_iam_policy_document.artifact_writer","mode":"data","type":"aws_iam_policy_document","name":"artifact_writer","provider_config_key":"aws","expressions":{"statement":[{"actions":{"constant_value":["s3:ListBucket"]},"effect":{"constant_value":"Allow"},"resources":{"references":["aws_s3_bucket.artifacts.arn","aws_s3_bucket.artifacts"]},"sid":{"constant_value":"ListBucket"}},{"actions":{"constant_value":["s3:GetObject","s3:PutObject","s3:DeleteObject"]},"effect":{"constant_value":"Allow"},"resources":{"references":["aws_s3_bucket.artifacts.arn","aws_s3_bucket.artifacts"]},"sid":{"constant_value":"ObjectRW"}}]},"schema_version":0}],"variables":{"app_name":{"default":"cool-sharedservices-freeipa","description":"A short name used to namespace resources."},"artifact_bucket_force_destroy":{"default":false,"description":"Whether to allow Terraform to destroy the artifact bucket even if it contains objects."},"aws_region":{"default":"us-east-1","description":"AWS region to deploy into."},"tags":{"default":{},"description":"Additional tags to apply to all resources."}}}},"relevant_attributes":[{"resource":"data.aws_caller_identity.current","attribute":["arn"]},{"resource":"aws_s3_bucket.artifacts","attribute":["id"]},{"resource":"data.aws_iam_policy_document.artifact_writer","attribute":["json"]},{"resource":"aws_iam_policy.artifact_writer","attribute":["arn"]},{"resource":"aws_iam_role.artifact_writer","attribute":["name"]},{"resource":"aws_iam_role.artifact_writer","attribute":["arn"]},{"resource":"aws_s3_bucket.artifacts","attribute":["bucket"]},{"resource":"aws_s3_bucket.artifacts","attribute":["arn"]}],"timestamp":"2026-01-26T20:11:12Z","applyable":true,"complete":true,"errored":false}
