{
  "version": 4,
  "terraform_version": "1.13.5",
  "serial": 11,
  "lineage": "68c24796-214d-311c-fef8-b714be0fd1d8",
  "outputs": {
    "ecr_repository_url": {
      "value": "000000000000.dkr.ecr.us-east-1.localhost.localstack.cloud:4566/hello-world-nodejs",
      "type": "string"
    },
    "ecs_cluster_name": {
      "value": "hello-world-nodejs-cluster",
      "type": "string"
    }
  },
  "resources": [
    {
      "mode": "data",
      "type": "aws_subnets",
      "name": "default",
      "provider": "provider[\"registry.terraform.io/hashicorp/aws\"]",
      "instances": [
        {
          "schema_version": 0,
          "attributes": {
            "filter": [
              {
                "name": "vpc-id",
                "values": [
                  "vpc-b9ac721f4375e9241"
                ]
              }
            ],
            "id": "us-east-1",
            "ids": [
              "subnet-0738474d414b3b654",
              "subnet-928610c8f56faed96",
              "subnet-065b946fcc106538b",
              "subnet-0b2fd85c5595487b2",
              "subnet-fc15f95e44e153d2a",
              "subnet-00f2e9499e7c7fc38"
            ],
            "region": "us-east-1",
            "tags": null,
            "timeouts": null
          },
          "sensitive_attributes": [],
          "identity_schema_version": 0
        }
      ]
    },
    {
      "mode": "data",
      "type": "aws_vpc",
      "name": "default",
      "provider": "provider[\"registry.terraform.io/hashicorp/aws\"]",
      "instances": [
        {
          "schema_version": 0,
          "attributes": {
            "arn": "arn:aws:ec2:us-east-1:000000000000:vpc/vpc-b9ac721f4375e9241",
            "cidr_block": "172.31.0.0/16",
            "cidr_block_associations": [
              {
                "association_id": "vpc-cidr-assoc-9818f213c0531891c",
                "cidr_block": "172.31.0.0/16",
                "state": "associated"
              }
            ],
            "default": true,
            "dhcp_options_id": "default",
            "enable_dns_hostnames": true,
            "enable_dns_support": true,
            "enable_network_address_usage_metrics": false,
            "filter": null,
            "id": "vpc-b9ac721f4375e9241",
            "instance_tenancy": "default",
            "ipv6_association_id": "",
            "ipv6_cidr_block": "",
            "main_route_table_id": "rtb-dc532453c4b2de4a4",
            "owner_id": "000000000000",
            "region": "us-east-1",
            "state": null,
            "tags": {},
            "timeouts": null
          },
          "sensitive_attributes": [],
          "identity_schema_version": 0
        }
      ]
    },
    {
      "mode": "managed",
      "type": "aws_cloudwatch_log_group",
      "name": "app",
      "provider": "provider[\"registry.terraform.io/hashicorp/aws\"]",
      "instances": [
        {
          "schema_version": 0,
          "attributes": {
            "arn": "arn:aws:logs:us-east-1:000000000000:log-group:/ecs/hello-world-nodejs",
            "deletion_protection_enabled": false,
            "id": "/ecs/hello-world-nodejs",
            "kms_key_id": "",
            "log_group_class": "",
            "name": "/ecs/hello-world-nodejs",
            "name_prefix": "",
            "region": "us-east-1",
            "retention_in_days": 7,
            "skip_destroy": false,
            "tags": null,
            "tags_all": {
              "Managed": "terraform",
              "Project": "hello-world-nodejs"
            }
          },
          "sensitive_attributes": [],
          "identity_schema_version": 0,
          "identity": {
            "account_id": "000000000000",
            "name": "/ecs/hello-world-nodejs",
            "region": "us-east-1"
          },
          "private": "bnVsbA=="
        }
      ]
    },
    {
      "mode": "managed",
      "type": "aws_ecr_repository",
      "name": "app",
      "provider": "provider[\"registry.terraform.io/hashicorp/aws\"]",
      "instances": [
        {
          "schema_version": 0,
          "attributes": {
            "arn": "arn:aws:ecr:us-east-1:000000000000:repository/hello-world-nodejs",
            "encryption_configuration": [
              {
                "encryption_type": "AES256",
                "kms_key": ""
              }
            ],
            "force_delete": null,
            "id": "hello-world-nodejs",
            "image_scanning_configuration": [
              {
                "scan_on_push": true
              }
            ],
            "image_tag_mutability": "MUTABLE",
            "image_tag_mutability_exclusion_filter": [],
            "name": "hello-world-nodejs",
            "region": "us-east-1",
            "registry_id": "000000000000",
            "repository_url": "000000000000.dkr.ecr.us-east-1.localhost.localstack.cloud:4566/hello-world-nodejs",
            "tags": null,
            "tags_all": {
              "Managed": "terraform",
              "Project": "hello-world-nodejs"
            },
            "timeouts": null
          },
          "sensitive_attributes": [],
          "identity_schema_version": 0,
          "identity": {
            "account_id": "000000000000",
            "name": "hello-world-nodejs",
            "region": "us-east-1"
          },
          "private": "eyJlMmJmYjczMC1lY2FhLTExZTYtOGY4OC0zNDM2M2JjN2M0YzAiOnsiZGVsZXRlIjoxMjAwMDAwMDAwMDAwfX0="
        }
      ]
    },
    {
      "mode": "managed",
      "type": "aws_ecs_cluster",
      "name": "this",
      "provider": "provider[\"registry.terraform.io/hashicorp/aws\"]",
      "instances": [
        {
          "schema_version": 0,
          "attributes": {
            "arn": "arn:aws:ecs:us-east-1:000000000000:cluster/hello-world-nodejs-cluster",
            "configuration": [],
            "id": "arn:aws:ecs:us-east-1:000000000000:cluster/hello-world-nodejs-cluster",
            "name": "hello-world-nodejs-cluster",
            "region": "us-east-1",
            "service_connect_defaults": [],
            "setting": [
              {
                "name": "containerInsights",
                "value": "disabled"
              }
            ],
            "tags": null,
            "tags_all": {
              "Managed": "terraform",
              "Project": "hello-world-nodejs"
            }
          },
          "sensitive_attributes": [],
          "identity_schema_version": 0,
          "private": "bnVsbA=="
        }
      ]
    },
    {
      "mode": "managed",
      "type": "aws_ecs_task_definition",
      "name": "this",
      "provider": "provider[\"registry.terraform.io/hashicorp/aws\"]",
      "instances": [
        {
          "schema_version": 1,
          "attributes": {
            "arn": "arn:aws:ecs:us-east-1:000000000000:task-definition/hello-world-nodejs:1",
            "arn_without_revision": "arn:aws:ecs:us-east-1:000000000000:task-definition/hello-world-nodejs",
            "container_definitions": "[{\"environment\":[],\"essential\":true,\"image\":\"000000000000.dkr.ecr.us-east-1.localhost.localstack.cloud:4566/hello-world-nodejs:latest\",\"logConfiguration\":{\"logDriver\":\"awslogs\",\"options\":{\"awslogs-region\":\"us-east-1\",\"awslogs-stream-prefix\":\"ecs\",\"awslogs-group\":\"/ecs/hello-world-nodejs\"}},\"mountPoints\":[],\"name\":\"hello-world-nodejs\",\"portMappings\":[{\"containerPort\":3000,\"hostPort\":3000,\"protocol\":\"tcp\"}],\"volumesFrom\":[]}]",
            "cpu": "256",
            "enable_fault_injection": false,
            "ephemeral_storage": [],
            "execution_role_arn": "arn:aws:iam::000000000000:role/hello-world-nodejs-task-exec",
            "family": "hello-world-nodejs",
            "id": "hello-world-nodejs",
            "ipc_mode": "",
            "memory": "512",
            "network_mode": "awsvpc",
            "pid_mode": "",
            "placement_constraints": [],
            "proxy_configuration": [],
            "region": "us-east-1",
            "requires_compatibilities": [
              "FARGATE"
            ],
            "revision": 1,
            "runtime_platform": [],
            "skip_destroy": false,
            "tags": null,
            "tags_all": {
              "Managed": "terraform",
              "Project": "hello-world-nodejs"
            },
            "task_role_arn": "",
            "track_latest": false,
            "volume": []
          },
          "sensitive_attributes": [],
          "identity_schema_version": 0,
          "private": "eyJzY2hlbWFfdmVyc2lvbiI6IjEifQ==",
          "dependencies": [
            "aws_cloudwatch_log_group.app",
            "aws_ecr_repository.app",
            "aws_iam_role.task_execution"
          ]
        }
      ]
    },
    {
      "mode": "managed",
      "type": "aws_iam_role",
      "name": "task_execution",
      "provider": "provider[\"registry.terraform.io/hashicorp/aws\"]",
      "instances": [
        {
          "schema_version": 0,
          "attributes": {
            "arn": "arn:aws:iam::000000000000:role/hello-world-nodejs-task-exec",
            "assume_role_policy": "{\"Statement\":[{\"Action\":\"sts:AssumeRole\",\"Effect\":\"Allow\",\"Principal\":{\"Service\":\"ecs-tasks.amazonaws.com\"}}],\"Version\":\"2012-10-17\"}",
            "create_date": "2026-01-25T21:01:56Z",
            "description": "",
            "force_detach_policies": false,
            "id": "hello-world-nodejs-task-exec",
            "inline_policy": [],
            "managed_policy_arns": [],
            "max_session_duration": 3600,
            "name": "hello-world-nodejs-task-exec",
            "name_prefix": "",
            "path": "/",
            "permissions_boundary": "",
            "tags": null,
            "tags_all": {
              "Managed": "terraform",
              "Project": "hello-world-nodejs"
            },
            "unique_id": "AROAQAAAAAAAJUYFM2U6D"
          },
          "sensitive_attributes": [],
          "identity_schema_version": 0,
          "identity": {
            "account_id": "000000000000",
            "name": "hello-world-nodejs-task-exec"
          },
          "private": "bnVsbA=="
        }
      ]
    },
    {
      "mode": "managed",
      "type": "aws_iam_role_policy_attachment",
      "name": "task_execution",
      "provider": "provider[\"registry.terraform.io/hashicorp/aws\"]",
      "instances": [
        {
          "schema_version": 0,
          "attributes": {
            "id": "hello-world-nodejs-task-exec/arn:aws:iam::aws:policy/service-role/AmazonECSTaskExecutionRolePolicy",
            "policy_arn": "arn:aws:iam::aws:policy/service-role/AmazonECSTaskExecutionRolePolicy",
            "role": "hello-world-nodejs-task-exec"
          },
          "sensitive_attributes": [],
          "identity_schema_version": 0,
          "identity": {
            "account_id": "000000000000",
            "policy_arn": "arn:aws:iam::aws:policy/service-role/AmazonECSTaskExecutionRolePolicy",
            "role": "hello-world-nodejs-task-exec"
          },
          "private": "bnVsbA==",
          "dependencies": [
            "aws_iam_role.task_execution"
          ]
        }
      ]
    },
    {
      "mode": "managed",
      "type": "aws_lb",
      "name": "this",
      "provider": "provider[\"registry.terraform.io/hashicorp/aws\"]",
      "instances": [
        {
          "status": "tainted",
          "schema_version": 0,
          "attributes": {
            "access_logs": [],
            "arn": null,
            "arn_suffix": null,
            "client_keep_alive": 3600,
            "connection_logs": [],
            "customer_owned_ipv4_pool": null,
            "desync_mitigation_mode": "defensive",
            "dns_name": null,
            "dns_record_client_routing_policy": null,
            "drop_invalid_header_fields": false,
            "enable_cross_zone_load_balancing": null,
            "enable_deletion_protection": false,
            "enable_http2": true,
            "enable_tls_version_and_cipher_suite_headers": false,
            "enable_waf_fail_open": false,
            "enable_xff_client_port": false,
            "enable_zonal_shift": false,
            "enforce_security_group_inbound_rules_on_private_link_traffic": null,
            "health_check_logs": [],
            "id": "arn:aws:elasticloadbalancing:us-east-1:000000000000:loadbalancer/app/hello-world-nodejs-alb/0d35f4fc1420f129",
            "idle_timeout": 60,
            "internal": false,
            "ip_address_type": null,
            "ipam_pools": [],
            "load_balancer_type": "application",
            "minimum_load_balancer_capacity": [],
            "name": "hello-world-nodejs-alb",
            "name_prefix": null,
            "preserve_host_header": false,
            "region": "us-east-1",
            "secondary_ips_auto_assigned_per_subnet": null,
            "security_groups": [
              "sg-25c6b0dac9fd1f034"
            ],
            "subnet_mapping": [],
            "subnets": [
              "subnet-00f2e9499e7c7fc38",
              "subnet-065b946fcc106538b",
              "subnet-0738474d414b3b654",
              "subnet-0b2fd85c5595487b2",
              "subnet-928610c8f56faed96",
              "subnet-fc15f95e44e153d2a"
            ],
            "tags": null,
            "tags_all": {
              "Managed": "terraform",
              "Project": "hello-world-nodejs"
            },
            "timeouts": null,
            "vpc_id": null,
            "xff_header_processing_mode": "append",
            "zone_id": null
          },
          "sensitive_attributes": [],
          "identity_schema_version": 0,
          "private": "eyJlMmJmYjczMC1lY2FhLTExZTYtOGY4OC0zNDM2M2JjN2M0YzAiOnsiY3JlYXRlIjo2MDAwMDAwMDAwMDAsImRlbGV0ZSI6NjAwMDAwMDAwMDAwLCJ1cGRhdGUiOjYwMDAwMDAwMDAwMH19",
          "dependencies": [
            "aws_security_group.alb",
            "data.aws_subnets.default",
            "data.aws_vpc.default"
          ]
        }
      ]
    },
    {
      "mode": "managed",
      "type": "aws_lb_target_group",
      "name": "this",
      "provider": "provider[\"registry.terraform.io/hashicorp/aws\"]",
      "instances": [
        {
          "schema_version": 0,
          "attributes": {
            "arn": "arn:aws:elasticloadbalancing:us-east-1:000000000000:targetgroup/hello-world-nodejs-tg/0718097cc73c5c92",
            "arn_suffix": "targetgroup/hello-world-nodejs-tg/0718097cc73c5c92",
            "connection_termination": null,
            "deregistration_delay": "300",
            "health_check": [
              {
                "enabled": true,
                "healthy_threshold": 2,
                "interval": 30,
                "matcher": "200",
                "path": "/",
                "port": "traffic-port",
                "protocol": "HTTP",
                "timeout": 5,
                "unhealthy_threshold": 2
              }
            ],
            "id": "arn:aws:elasticloadbalancing:us-east-1:000000000000:targetgroup/hello-world-nodejs-tg/0718097cc73c5c92",
            "ip_address_type": "ipv4",
            "lambda_multi_value_headers_enabled": false,
            "load_balancer_arns": [],
            "load_balancing_algorithm_type": "round_robin",
            "load_balancing_anomaly_mitigation": null,
            "load_balancing_cross_zone_enabled": "use_load_balancer_configuration",
            "name": "hello-world-nodejs-tg",
            "name_prefix": "",
            "port": 3000,
            "preserve_client_ip": null,
            "protocol": "HTTP",
            "protocol_version": "HTTP1",
            "proxy_protocol_v2": false,
            "region": "us-east-1",
            "slow_start": 0,
            "stickiness": [
              {
                "cookie_duration": 0,
                "cookie_name": "",
                "enabled": false,
                "type": "lb_cookie"
              }
            ],
            "tags": null,
            "tags_all": {
              "Managed": "terraform",
              "Project": "hello-world-nodejs"
            },
            "target_control_port": 0,
            "target_failover": [
              {
                "on_deregistration": null,
                "on_unhealthy": null
              }
            ],
            "target_group_health": [
              {
                "dns_failover": [
                  {
                    "minimum_healthy_targets_count": null,
                    "minimum_healthy_targets_percentage": null
                  }
                ],
                "unhealthy_state_routing": [
                  {
                    "minimum_healthy_targets_count": null,
                    "minimum_healthy_targets_percentage": null
                  }
                ]
              }
            ],
            "target_health_state": [
              {
                "enable_unhealthy_connection_termination": null,
                "unhealthy_draining_interval": null
              }
            ],
            "target_type": "ip",
            "vpc_id": "vpc-b9ac721f4375e9241"
          },
          "sensitive_attributes": [],
          "identity_schema_version": 0,
          "identity": {
            "arn": "arn:aws:elasticloadbalancing:us-east-1:000000000000:targetgroup/hello-world-nodejs-tg/0718097cc73c5c92"
          },
          "private": "bnVsbA==",
          "dependencies": [
            "data.aws_vpc.default"
          ]
        }
      ]
    },
    {
      "mode": "managed",
      "type": "aws_security_group",
      "name": "alb",
      "provider": "provider[\"registry.terraform.io/hashicorp/aws\"]",
      "instances": [
        {
          "schema_version": 1,
          "attributes": {
            "arn": "arn:aws:ec2:us-east-1:000000000000:security-group/sg-25c6b0dac9fd1f034",
            "description": "ALB security group",
            "egress": [
              {
                "cidr_blocks": [
                  "0.0.0.0/0"
                ],
                "description": "",
                "from_port": 0,
                "ipv6_cidr_blocks": [],
                "prefix_list_ids": [],
                "protocol": "-1",
                "security_groups": [],
                "self": false,
                "to_port": 0
              }
            ],
            "id": "sg-25c6b0dac9fd1f034",
            "ingress": [
              {
                "cidr_blocks": [
                  "0.0.0.0/0"
                ],
                "description": "HTTP",
                "from_port": 80,
                "ipv6_cidr_blocks": [],
                "prefix_list_ids": [],
                "protocol": "tcp",
                "security_groups": [],
                "self": false,
                "to_port": 80
              }
            ],
            "name": "hello-world-nodejs-alb-sg",
            "name_prefix": "",
            "owner_id": "000000000000",
            "region": "us-east-1",
            "revoke_rules_on_delete": false,
            "tags": null,
            "tags_all": {
              "Managed": "terraform",
              "Project": "hello-world-nodejs"
            },
            "timeouts": null,
            "vpc_id": "vpc-b9ac721f4375e9241"
          },
          "sensitive_attributes": [],
          "identity_schema_version": 0,
          "identity": {
            "account_id": "000000000000",
            "id": "sg-25c6b0dac9fd1f034",
            "region": "us-east-1"
          },
          "private": "eyJlMmJmYjczMC1lY2FhLTExZTYtOGY4OC0zNDM2M2JjN2M0YzAiOnsiY3JlYXRlIjo2MDAwMDAwMDAwMDAsImRlbGV0ZSI6OTAwMDAwMDAwMDAwfSwic2NoZW1hX3ZlcnNpb24iOiIxIn0=",
          "dependencies": [
            "data.aws_vpc.default"
          ]
        }
      ]
    },
    {
      "mode": "managed",
      "type": "aws_security_group",
      "name": "service",
      "provider": "provider[\"registry.terraform.io/hashicorp/aws\"]",
      "instances": [
        {
          "schema_version": 1,
          "attributes": {
            "arn": "arn:aws:ec2:us-east-1:000000000000:security-group/sg-30c976eeaadd7cf41",
            "description": "ECS service security group",
            "egress": [
              {
                "cidr_blocks": [
                  "0.0.0.0/0"
                ],
                "description": "",
                "from_port": 0,
                "ipv6_cidr_blocks": [],
                "prefix_list_ids": [],
                "protocol": "-1",
                "security_groups": [],
                "self": false,
                "to_port": 0
              }
            ],
            "id": "sg-30c976eeaadd7cf41",
            "ingress": [
              {
                "cidr_blocks": [],
                "description": "From ALB",
                "from_port": 3000,
                "ipv6_cidr_blocks": [],
                "prefix_list_ids": [],
                "protocol": "tcp",
                "security_groups": [
                  "sg-25c6b0dac9fd1f034"
                ],
                "self": false,
                "to_port": 3000
              }
            ],
            "name": "hello-world-nodejs-svc-sg",
            "name_prefix": "",
            "owner_id": "000000000000",
            "region": "us-east-1",
            "revoke_rules_on_delete": false,
            "tags": null,
            "tags_all": {
              "Managed": "terraform",
              "Project": "hello-world-nodejs"
            },
            "timeouts": null,
            "vpc_id": "vpc-b9ac721f4375e9241"
          },
          "sensitive_attributes": [],
          "identity_schema_version": 0,
          "identity": {
            "account_id": "000000000000",
            "id": "sg-30c976eeaadd7cf41",
            "region": "us-east-1"
          },
          "private": "eyJlMmJmYjczMC1lY2FhLTExZTYtOGY4OC0zNDM2M2JjN2M0YzAiOnsiY3JlYXRlIjo2MDAwMDAwMDAwMDAsImRlbGV0ZSI6OTAwMDAwMDAwMDAwfSwic2NoZW1hX3ZlcnNpb24iOiIxIn0=",
          "dependencies": [
            "aws_security_group.alb",
            "data.aws_vpc.default"
          ]
        }
      ]
    }
  ],
  "check_results": null
}
