data.archive_file.lambda_zip: Reading...
data.archive_file.lambda_dummy: Reading...
data.archive_file.lambda_zip: Read complete after 0s [id=6477abe8785194c519214f9fb641638a3c0a048c]
data.archive_file.lambda_dummy: Read complete after 0s [id=58e93fade67637870be5af38eff8d5aa66c7da49]
data.aws_caller_identity.current: Reading...
data.aws_region.current: Reading...
data.aws_iam_policy_document.lambda_assume: Reading...
data.aws_iam_policy_document.sagemaker_assume: Reading...
data.aws_region.current: Read complete after 0s [id=eu-west-1]
data.aws_iam_policy_document.lambda_assume: Read complete after 0s [id=2690255455]
data.aws_iam_policy_document.sagemaker_assume: Read complete after 0s [id=1147345228]
data.aws_caller_identity.current: Read complete after 0s [id=000000000000]

Terraform used the selected providers to generate the following execution
plan. Resource actions are indicated with the following symbols:
  + create
 <= read (data resources)

Terraform will perform the following actions:

  # data.aws_iam_policy_document.lambda_invoke_sagemaker will be read during apply
  # (config refers to values not yet known)
 <= data "aws_iam_policy_document" "lambda_invoke_sagemaker" {
      + id            = (known after apply)
      + json          = (known after apply)
      + minified_json = (known after apply)

      + statement {
          + actions   = [
              + "sagemaker:InvokeEndpoint",
              + "sagemaker:InvokeEndpointAsync",
            ]
          + effect    = "Allow"
          + resources = [
              + (known after apply),
            ]
          + sid       = "InvokeSageMakerEndpoint"
        }
    }

  # aws_cloudwatch_event_rule.schedule[0] will be created
  + resource "aws_cloudwatch_event_rule" "schedule" {
      + arn                 = (known after apply)
      + event_bus_name      = "default"
      + force_destroy       = false
      + id                  = (known after apply)
      + name                = "hello-world-invoke-sagemaker-schedule"
      + name_prefix         = (known after apply)
      + schedule_expression = "rate(5 minutes)"
      + tags_all            = {
          + "Managed" = "terraform"
          + "Project" = "test_sagemaker_deploy"
        }
    }

  # aws_cloudwatch_event_target.lambda[0] will be created
  + resource "aws_cloudwatch_event_target" "lambda" {
      + arn            = (known after apply)
      + event_bus_name = "default"
      + force_destroy  = false
      + id             = (known after apply)
      + rule           = "hello-world-invoke-sagemaker-schedule"
      + target_id      = "lambda"
    }

  # aws_cloudwatch_log_group.lambda will be created
  + resource "aws_cloudwatch_log_group" "lambda" {
      + arn               = (known after apply)
      + id                = (known after apply)
      + log_group_class   = (known after apply)
      + name              = "/aws/lambda/hello-world-sagemaker-invoker"
      + name_prefix       = (known after apply)
      + retention_in_days = 14
      + skip_destroy      = false
      + tags_all          = {
          + "Managed" = "terraform"
          + "Project" = "test_sagemaker_deploy"
        }
    }

  # aws_ecr_lifecycle_policy.inference will be created
  + resource "aws_ecr_lifecycle_policy" "inference" {
      + id          = (known after apply)
      + policy      = jsonencode(
            {
              + rules = [
                  + {
                      + action       = {
                          + type = "expire"
                        }
                      + description  = "Keep last 20 images"
                      + rulePriority = 1
                      + selection    = {
                          + countNumber = 20
                          + countType   = "imageCountMoreThan"
                          + tagStatus   = "any"
                        }
                    },
                ]
            }
        )
      + registry_id = (known after apply)
      + repository  = "test_sage_maker"
    }

  # aws_ecr_repository.inference will be created
  + resource "aws_ecr_repository" "inference" {
      + arn                  = (known after apply)
      + id                   = (known after apply)
      + image_tag_mutability = "MUTABLE"
      + name                 = "test_sage_maker"
      + registry_id          = (known after apply)
      + repository_url       = (known after apply)
      + tags_all             = {
          + "Managed" = "terraform"
          + "Project" = "test_sagemaker_deploy"
        }

      + image_scanning_configuration {
          + scan_on_push = true
        }
    }

  # aws_iam_policy.lambda_invoke_sagemaker will be created
  + resource "aws_iam_policy" "lambda_invoke_sagemaker" {
      + arn              = (known after apply)
      + attachment_count = (known after apply)
      + id               = (known after apply)
      + name             = "hello-world-lambda-invoke-sagemaker"
      + name_prefix      = (known after apply)
      + path             = "/"
      + policy           = (known after apply)
      + policy_id        = (known after apply)
      + tags_all         = {
          + "Managed" = "terraform"
          + "Project" = "test_sagemaker_deploy"
        }
    }

  # aws_iam_role.lambda_execution will be created
  + resource "aws_iam_role" "lambda_execution" {
      + arn                   = (known after apply)
      + assume_role_policy    = jsonencode(
            {
              + Statement = [
                  + {
                      + Action    = "sts:AssumeRole"
                      + Effect    = "Allow"
                      + Principal = {
                          + Service = "lambda.amazonaws.com"
                        }
                    },
                ]
              + Version   = "2012-10-17"
            }
        )
      + create_date           = (known after apply)
      + force_detach_policies = false
      + id                    = (known after apply)
      + managed_policy_arns   = (known after apply)
      + max_session_duration  = 3600
      + name                  = "hello-world-lambda-exec"
      + name_prefix           = (known after apply)
      + path                  = "/"
      + tags_all              = {
          + "Managed" = "terraform"
          + "Project" = "test_sagemaker_deploy"
        }
      + unique_id             = (known after apply)

      + inline_policy (known after apply)
    }

  # aws_iam_role.sagemaker_execution will be created
  + resource "aws_iam_role" "sagemaker_execution" {
      + arn                   = (known after apply)
      + assume_role_policy    = jsonencode(
            {
              + Statement = [
                  + {
                      + Action    = "sts:AssumeRole"
                      + Effect    = "Allow"
                      + Principal = {
                          + Service = "sagemaker.amazonaws.com"
                        }
                    },
                ]
              + Version   = "2012-10-17"
            }
        )
      + create_date           = (known after apply)
      + force_detach_policies = false
      + id                    = (known after apply)
      + managed_policy_arns   = (known after apply)
      + max_session_duration  = 3600
      + name                  = "hello-world-sagemaker-exec"
      + name_prefix           = (known after apply)
      + path                  = "/"
      + tags_all              = {
          + "Managed" = "terraform"
          + "Project" = "test_sagemaker_deploy"
        }
      + unique_id             = (known after apply)

      + inline_policy (known after apply)
    }

  # aws_iam_role_policy_attachment.lambda_basic will be created
  + resource "aws_iam_role_policy_attachment" "lambda_basic" {
      + id         = (known after apply)
      + policy_arn = "arn:aws:iam::aws:policy/service-role/AWSLambdaBasicExecutionRole"
      + role       = "hello-world-lambda-exec"
    }

  # aws_iam_role_policy_attachment.lambda_invoke_sagemaker will be created
  + resource "aws_iam_role_policy_attachment" "lambda_invoke_sagemaker" {
      + id         = (known after apply)
      + policy_arn = (known after apply)
      + role       = "hello-world-lambda-exec"
    }

  # aws_iam_role_policy_attachment.sagemaker_cw_logs will be created
  + resource "aws_iam_role_policy_attachment" "sagemaker_cw_logs" {
      + id         = (known after apply)
      + policy_arn = "arn:aws:iam::aws:policy/CloudWatchLogsFullAccess"
      + role       = "hello-world-sagemaker-exec"
    }

  # aws_iam_role_policy_attachment.sagemaker_ecr_readonly will be created
  + resource "aws_iam_role_policy_attachment" "sagemaker_ecr_readonly" {
      + id         = (known after apply)
      + policy_arn = "arn:aws:iam::aws:policy/AmazonEC2ContainerRegistryReadOnly"
      + role       = "hello-world-sagemaker-exec"
    }

  # aws_lambda_function.invoker will be created
  + resource "aws_lambda_function" "invoker" {
      + architectures                  = (known after apply)
      + arn                            = (known after apply)
      + code_sha256                    = (known after apply)
      + filename                       = "./lambda_function.zip"
      + function_name                  = "hello-world-sagemaker-invoker"
      + handler                        = "lambda_function.lambda_handler"
      + id                             = (known after apply)
      + invoke_arn                     = (known after apply)
      + last_modified                  = (known after apply)
      + memory_size                    = 256
      + package_type                   = "Zip"
      + publish                        = false
      + qualified_arn                  = (known after apply)
      + qualified_invoke_arn           = (known after apply)
      + reserved_concurrent_executions = -1
      + role                           = (known after apply)
      + runtime                        = "python3.11"
      + signing_job_arn                = (known after apply)
      + signing_profile_version_arn    = (known after apply)
      + skip_destroy                   = false
      + source_code_hash               = "11t9buhzYmWzttdm31o4tVVhlyhUNTrIf1R6HdNxSjI="
      + source_code_size               = (known after apply)
      + tags_all                       = {
          + "Managed" = "terraform"
          + "Project" = "test_sagemaker_deploy"
        }
      + timeout                        = 30
      + version                        = (known after apply)

      + environment {
          + variables = {
              + "AWS_REGION"              = "eu-west-1"
              + "SAGEMAKER_ENDPOINT_NAME" = "hello-world-endpoint"
            }
        }

      + ephemeral_storage (known after apply)

      + logging_config (known after apply)

      + tracing_config (known after apply)
    }

  # aws_lambda_permission.allow_eventbridge[0] will be created
  + resource "aws_lambda_permission" "allow_eventbridge" {
      + action              = "lambda:InvokeFunction"
      + function_name       = "hello-world-sagemaker-invoker"
      + id                  = (known after apply)
      + principal           = "events.amazonaws.com"
      + source_arn          = (known after apply)
      + statement_id        = "AllowExecutionFromEventBridge"
      + statement_id_prefix = (known after apply)
    }

  # aws_sagemaker_endpoint.endpoint will be created
  + resource "aws_sagemaker_endpoint" "endpoint" {
      + arn                  = (known after apply)
      + endpoint_config_name = "hello-world-endpoint-cfg"
      + id                   = (known after apply)
      + name                 = "hello-world-endpoint"
      + tags_all             = {
          + "Managed" = "terraform"
          + "Project" = "test_sagemaker_deploy"
        }
    }

  # aws_sagemaker_endpoint_configuration.cfg will be created
  + resource "aws_sagemaker_endpoint_configuration" "cfg" {
      + arn         = (known after apply)
      + id          = (known after apply)
      + name        = "hello-world-endpoint-cfg"
      + name_prefix = (known after apply)
      + tags_all    = {
          + "Managed" = "terraform"
          + "Project" = "test_sagemaker_deploy"
        }

      + production_variants {
          + initial_instance_count = 1
          + initial_variant_weight = 1
          + instance_type          = "ml.t2.medium"
          + model_name             = "hello-world-model"
          + variant_name           = "AllTraffic"
          + volume_size_in_gb      = (known after apply)
        }
    }

  # aws_sagemaker_model.model will be created
  + resource "aws_sagemaker_model" "model" {
      + arn                = (known after apply)
      + execution_role_arn = (known after apply)
      + id                 = (known after apply)
      + name               = "hello-world-model"
      + tags_all           = {
          + "Managed" = "terraform"
          + "Project" = "test_sagemaker_deploy"
        }

      + inference_execution_config (known after apply)

      + primary_container {
          + environment = {
              + "SAGEMAKER_PROGRAM"          = "app.py"
              + "SAGEMAKER_SUBMIT_DIRECTORY" = "/usr/src/app"
            }
          + image       = (known after apply)
          + mode        = "SingleModel"

          + model_data_source (known after apply)
        }
    }

Plan: 17 to add, 0 to change, 0 to destroy.

Changes to Outputs:
  + ecr_repository_url      = (known after apply)
  + lambda_function_name    = "hello-world-sagemaker-invoker"
  + sagemaker_endpoint_name = "hello-world-endpoint"
  + sagemaker_image_uri     = (known after apply)
aws_cloudwatch_event_rule.schedule[0]: Creating...
aws_iam_role.sagemaker_execution: Creating...
aws_ecr_repository.inference: Creating...
aws_iam_role.lambda_execution: Creating...
aws_cloudwatch_event_rule.schedule[0]: Creation complete after 0s [id=hello-world-invoke-sagemaker-schedule]
aws_iam_role.sagemaker_execution: Creation complete after 1s [id=hello-world-sagemaker-exec]
aws_iam_role.lambda_execution: Creation complete after 1s [id=hello-world-lambda-exec]
aws_iam_role_policy_attachment.sagemaker_cw_logs: Creating...
aws_iam_role_policy_attachment.sagemaker_ecr_readonly: Creating...
aws_iam_role_policy_attachment.lambda_basic: Creating...
aws_iam_role_policy_attachment.sagemaker_ecr_readonly: Creation complete after 0s [id=hello-world-sagemaker-exec-20260127113813557500000003]
aws_iam_role_policy_attachment.sagemaker_cw_logs: Creation complete after 0s [id=hello-world-sagemaker-exec-20260127113813557400000001]
aws_iam_role_policy_attachment.lambda_basic: Creation complete after 0s [id=hello-world-lambda-exec-20260127113813557500000002]
aws_ecr_repository.inference: Creation complete after 2s [id=test_sage_maker]
aws_ecr_lifecycle_policy.inference: Creating...
aws_sagemaker_model.model: Creating...
aws_ecr_lifecycle_policy.inference: Creation complete after 0s [id=test_sage_maker]
aws_sagemaker_model.model: Creation complete after 0s [id=hello-world-model]
aws_sagemaker_endpoint_configuration.cfg: Creating...
aws_sagemaker_endpoint_configuration.cfg: Creation complete after 0s [id=hello-world-endpoint-cfg]
aws_sagemaker_endpoint.endpoint: Creating...
aws_sagemaker_endpoint.endpoint: Still creating... [00m10s elapsed]
aws_sagemaker_endpoint.endpoint: Still creating... [00m20s elapsed]
aws_sagemaker_endpoint.endpoint: Still creating... [00m30s elapsed]
aws_sagemaker_endpoint.endpoint: Still creating... [00m40s elapsed]
aws_sagemaker_endpoint.endpoint: Still creating... [00m50s elapsed]
aws_sagemaker_endpoint.endpoint: Still creating... [01m00s elapsed]
aws_sagemaker_endpoint.endpoint: Still creating... [01m10s elapsed]
aws_sagemaker_endpoint.endpoint: Still creating... [01m20s elapsed]
aws_sagemaker_endpoint.endpoint: Still creating... [01m30s elapsed]
aws_sagemaker_endpoint.endpoint: Still creating... [01m40s elapsed]
aws_sagemaker_endpoint.endpoint: Still creating... [01m50s elapsed]
aws_sagemaker_endpoint.endpoint: Still creating... [02m00s elapsed]
aws_sagemaker_endpoint.endpoint: Still creating... [02m10s elapsed]
aws_sagemaker_endpoint.endpoint: Still creating... [02m20s elapsed]
aws_sagemaker_endpoint.endpoint: Still creating... [02m30s elapsed]
aws_sagemaker_endpoint.endpoint: Still creating... [02m40s elapsed]
aws_sagemaker_endpoint.endpoint: Still creating... [02m50s elapsed]
