{"format_version":"1.2","terraform_version":"1.13.5","variables":{"aws_region":{"value":"eu-west-1"},"ecr_repository_name":{"value":"test_sage_maker"},"image_tag":{"value":"latest"},"initial_instance_count":{"value":1},"instance_type":{"value":"ml.t2.medium"},"lambda_memory_size":{"value":256},"lambda_schedule_expression":{"value":"rate(5 minutes)"},"lambda_timeout_seconds":{"value":30},"name":{"value":"hello-world"},"sagemaker_endpoint_name":{"value":"hello-world-endpoint"},"tags":{"value":{"Managed":"terraform","Project":"test_sagemaker_deploy"}}},"planned_values":{"outputs":{"ecr_repository_url":{"sensitive":false},"lambda_function_name":{"sensitive":false,"type":"string","value":"hello-world-sagemaker-invoker"},"sagemaker_endpoint_name":{"sensitive":false,"type":"string","value":"hello-world-endpoint"},"sagemaker_image_uri":{"sensitive":false}},"root_module":{"resources":[{"address":"aws_cloudwatch_event_rule.schedule[0]","mode":"managed","type":"aws_cloudwatch_event_rule","name":"schedule","index":0,"provider_name":"registry.terraform.io/hashicorp/aws","schema_version":1,"values":{"description":null,"event_bus_name":"default","event_pattern":null,"force_destroy":false,"is_enabled":null,"name":"hello-world-invoke-sagemaker-schedule","role_arn":null,"schedule_expression":"rate(5 minutes)","state":null,"tags":null,"tags_all":{"Managed":"terraform","Project":"test_sagemaker_deploy"}},"sensitive_values":{"tags_all":{}}},{"address":"aws_cloudwatch_event_target.lambda[0]","mode":"managed","type":"aws_cloudwatch_event_target","name":"lambda","index":0,"provider_name":"registry.terraform.io/hashicorp/aws","schema_version":1,"values":{"appsync_target":[],"batch_target":[],"dead_letter_config":[],"ecs_target":[],"event_bus_name":"default","force_destroy":false,"http_target":[],"input":null,"input_path":null,"input_transformer":[],"kinesis_target":[],"redshift_target":[],"retry_policy":[],"role_arn":null,"rule":"hello-world-invoke-sagemaker-schedule","run_command_targets":[],"sagemaker_pipeline_target":[],"sqs_target":[],"target_id":"lambda"},"sensitive_values":{"appsync_target":[],"batch_target":[],"dead_letter_config":[],"ecs_target":[],"http_target":[],"input_transformer":[],"kinesis_target":[],"redshift_target":[],"retry_policy":[],"run_command_targets":[],"sagemaker_pipeline_target":[],"sqs_target":[]}},{"address":"aws_cloudwatch_log_group.lambda","mode":"managed","type":"aws_cloudwatch_log_group","name":"lambda","provider_name":"registry.terraform.io/hashicorp/aws","schema_version":0,"values":{"kms_key_id":null,"name":"/aws/lambda/hello-world-sagemaker-invoker","retention_in_days":14,"skip_destroy":false,"tags":null,"tags_all":{"Managed":"terraform","Project":"test_sagemaker_deploy"}},"sensitive_values":{"tags_all":{}}},{"address":"aws_ecr_lifecycle_policy.inference","mode":"managed","type":"aws_ecr_lifecycle_policy","name":"inference","provider_name":"registry.terraform.io/hashicorp/aws","schema_version":0,"values":{"policy":"{\"rules\":[{\"action\":{\"type\":\"expire\"},\"description\":\"Keep last 20 images\",\"rulePriority\":1,\"selection\":{\"countNumber\":20,\"countType\":\"imageCountMoreThan\",\"tagStatus\":\"any\"}}]}","repository":"test_sage_maker"},"sensitive_values":{}},{"address":"aws_ecr_repository.inference","mode":"managed","type":"aws_ecr_repository","name":"inference","provider_name":"registry.terraform.io/hashicorp/aws","schema_version":0,"values":{"encryption_configuration":[],"force_delete":null,"image_scanning_configuration":[{"scan_on_push":true}],"image_tag_mutability":"MUTABLE","name":"test_sage_maker","tags":null,"tags_all":{"Managed":"terraform","Project":"test_sagemaker_deploy"},"timeouts":null},"sensitive_values":{"encryption_configuration":[],"image_scanning_configuration":[{}],"tags_all":{}}},{"address":"aws_iam_policy.lambda_invoke_sagemaker","mode":"managed","type":"aws_iam_policy","name":"lambda_invoke_sagemaker","provider_name":"registry.terraform.io/hashicorp/aws","schema_version":0,"values":{"description":null,"name":"hello-world-lambda-invoke-sagemaker","path":"/","tags":null,"tags_all":{"Managed":"terraform","Project":"test_sagemaker_deploy"}},"sensitive_values":{"tags_all":{}}},{"address":"aws_iam_role.lambda_execution","mode":"managed","type":"aws_iam_role","name":"lambda_execution","provider_name":"registry.terraform.io/hashicorp/aws","schema_version":0,"values":{"assume_role_policy":"{\"Statement\":[{\"Action\":\"sts:AssumeRole\",\"Effect\":\"Allow\",\"Principal\":{\"Service\":\"lambda.amazonaws.com\"}}],\"Version\":\"2012-10-17\"}","description":null,"force_detach_policies":false,"max_session_duration":3600,"name":"hello-world-lambda-exec","path":"/","permissions_boundary":null,"tags":null,"tags_all":{"Managed":"terraform","Project":"test_sagemaker_deploy"}},"sensitive_values":{"inline_policy":[],"managed_policy_arns":[],"tags_all":{}}},{"address":"aws_iam_role.sagemaker_execution","mode":"managed","type":"aws_iam_role","name":"sagemaker_execution","provider_name":"registry.terraform.io/hashicorp/aws","schema_version":0,"values":{"assume_role_policy":"{\"Statement\":[{\"Action\":\"sts:AssumeRole\",\"Effect\":\"Allow\",\"Principal\":{\"Service\":\"sagemaker.amazonaws.com\"}}],\"Version\":\"2012-10-17\"}","description":null,"force_detach_policies":false,"max_session_duration":3600,"name":"hello-world-sagemaker-exec","path":"/","permissions_boundary":null,"tags":null,"tags_all":{"Managed":"terraform","Project":"test_sagemaker_deploy"}},"sensitive_values":{"inline_policy":[],"managed_policy_arns":[],"tags_all":{}}},{"address":"aws_iam_role_policy_attachment.lambda_basic","mode":"managed","type":"aws_iam_role_policy_attachment","name":"lambda_basic","provider_name":"registry.terraform.io/hashicorp/aws","schema_version":0,"values":{"policy_arn":"arn:aws:iam::aws:policy/service-role/AWSLambdaBasicExecutionRole","role":"hello-world-lambda-exec"},"sensitive_values":{}},{"address":"aws_iam_role_policy_attachment.lambda_invoke_sagemaker","mode":"managed","type":"aws_iam_role_policy_attachment","name":"lambda_invoke_sagemaker","provider_name":"registry.terraform.io/hashicorp/aws","schema_version":0,"values":{"role":"hello-world-lambda-exec"},"sensitive_values":{}},{"address":"aws_iam_role_policy_attachment.sagemaker_cw_logs","mode":"managed","type":"aws_iam_role_policy_attachment","name":"sagemaker_cw_logs","provider_name":"registry.terraform.io/hashicorp/aws","schema_version":0,"values":{"policy_arn":"arn:aws:iam::aws:policy/CloudWatchLogsFullAccess","role":"hello-world-sagemaker-exec"},"sensitive_values":{}},{"address":"aws_iam_role_policy_attachment.sagemaker_ecr_readonly","mode":"managed","type":"aws_iam_role_policy_attachment","name":"sagemaker_ecr_readonly","provider_name":"registry.terraform.io/hashicorp/aws","schema_version":0,"values":{"policy_arn":"arn:aws:iam::aws:policy/AmazonEC2ContainerRegistryReadOnly","role":"hello-world-sagemaker-exec"},"sensitive_values":{}},{"address":"aws_lambda_function.invoker","mode":"managed","type":"aws_lambda_function","name":"invoker","provider_name":"registry.terraform.io/hashicorp/aws","schema_version":0,"values":{"code_signing_config_arn":null,"dead_letter_config":[],"description":null,"environment":[{"variables":{"AWS_REGION":"eu-west-1","SAGEMAKER_ENDPOINT_NAME":"hello-world-endpoint"}}],"file_system_config":[],"filename":"./lambda_function.zip","function_name":"hello-world-sagemaker-invoker","handler":"lambda_function.lambda_handler","image_config":[],"image_uri":null,"kms_key_arn":null,"layers":null,"memory_size":256,"package_type":"Zip","publish":false,"replace_security_groups_on_destroy":null,"replacement_security_group_ids":null,"reserved_concurrent_executions":-1,"runtime":"python3.11","s3_bucket":null,"s3_key":null,"s3_object_version":null,"skip_destroy":false,"snap_start":[],"source_code_hash":"11t9buhzYmWzttdm31o4tVVhlyhUNTrIf1R6HdNxSjI=","tags":null,"tags_all":{"Managed":"terraform","Project":"test_sagemaker_deploy"},"timeout":30,"timeouts":null,"vpc_config":[]},"sensitive_values":{"architectures":[],"dead_letter_config":[],"environment":[{"variables":{}}],"ephemeral_storage":[],"file_system_config":[],"image_config":[],"logging_config":[],"snap_start":[],"tags_all":{},"tracing_config":[],"vpc_config":[]}},{"address":"aws_lambda_permission.allow_eventbridge[0]","mode":"managed","type":"aws_lambda_permission","name":"allow_eventbridge","index":0,"provider_name":"registry.terraform.io/hashicorp/aws","schema_version":0,"values":{"action":"lambda:InvokeFunction","event_source_token":null,"function_name":"hello-world-sagemaker-invoker","function_url_auth_type":null,"principal":"events.amazonaws.com","principal_org_id":null,"qualifier":null,"source_account":null,"statement_id":"AllowExecutionFromEventBridge"},"sensitive_values":{}},{"address":"aws_sagemaker_endpoint.endpoint","mode":"managed","type":"aws_sagemaker_endpoint","name":"endpoint","provider_name":"registry.terraform.io/hashicorp/aws","schema_version":0,"values":{"deployment_config":[],"endpoint_config_name":"hello-world-endpoint-cfg","name":"hello-world-endpoint","tags":null,"tags_all":{"Managed":"terraform","Project":"test_sagemaker_deploy"}},"sensitive_values":{"deployment_config":[],"tags_all":{}}},{"address":"aws_sagemaker_endpoint_configuration.cfg","mode":"managed","type":"aws_sagemaker_endpoint_configuration","name":"cfg","provider_name":"registry.terraform.io/hashicorp/aws","schema_version":0,"values":{"async_inference_config":[],"data_capture_config":[],"kms_key_arn":null,"name":"hello-world-endpoint-cfg","production_variants":[{"accelerator_type":null,"container_startup_health_check_timeout_in_seconds":null,"core_dump_config":[],"enable_ssm_access":null,"inference_ami_version":null,"initial_instance_count":1,"initial_variant_weight":1,"instance_type":"ml.t2.medium","managed_instance_scaling":[],"model_data_download_timeout_in_seconds":null,"model_name":"hello-world-model","routing_config":[],"serverless_config":[],"variant_name":"AllTraffic"}],"shadow_production_variants":[],"tags":null,"tags_all":{"Managed":"terraform","Project":"test_sagemaker_deploy"}},"sensitive_values":{"async_inference_config":[],"data_capture_config":[],"production_variants":[{"core_dump_config":[],"managed_instance_scaling":[],"routing_config":[],"serverless_config":[]}],"shadow_production_variants":[],"tags_all":{}}},{"address":"aws_sagemaker_model.model","mode":"managed","type":"aws_sagemaker_model","name":"model","provider_name":"registry.terraform.io/hashicorp/aws","schema_version":0,"values":{"container":[],"enable_network_isolation":null,"name":"hello-world-model","primary_container":[{"container_hostname":null,"environment":{"SAGEMAKER_PROGRAM":"app.py","SAGEMAKER_SUBMIT_DIRECTORY":"/usr/src/app"},"image_config":[],"inference_specification_name":null,"mode":"SingleModel","model_data_url":null,"model_package_name":null,"multi_model_config":[]}],"tags":null,"tags_all":{"Managed":"terraform","Project":"test_sagemaker_deploy"},"vpc_config":[]},"sensitive_values":{"container":[],"inference_execution_config":[],"primary_container":[{"environment":{},"image_config":[],"model_data_source":[],"multi_model_config":[]}],"tags_all":{},"vpc_config":[]}},{"address":"data.aws_iam_policy_document.lambda_invoke_sagemaker","mode":"data","type":"aws_iam_policy_document","name":"lambda_invoke_sagemaker","provider_name":"registry.terraform.io/hashicorp/aws","schema_version":0,"values":{"override_json":null,"override_policy_documents":null,"policy_id":null,"source_json":null,"source_policy_documents":null,"statement":[{"actions":["sagemaker:InvokeEndpoint","sagemaker:InvokeEndpointAsync"],"condition":[],"effect":"Allow","not_actions":null,"not_principals":[],"not_resources":null,"principals":[],"resources":[null],"sid":"InvokeSageMakerEndpoint"}],"version":null},"sensitive_values":{"statement":[{"actions":[false,false],"condition":[],"not_principals":[],"principals":[],"resources":[false]}]}}]}},"resource_changes":[{"address":"data.aws_iam_policy_document.lambda_invoke_sagemaker","mode":"data","type":"aws_iam_policy_document","name":"lambda_invoke_sagemaker","provider_name":"registry.terraform.io/hashicorp/aws","change":{"actions":["read"],"before":null,"after":{"override_json":null,"override_policy_documents":null,"policy_id":null,"source_json":null,"source_policy_documents":null,"statement":[{"actions":["sagemaker:InvokeEndpoint","sagemaker:InvokeEndpointAsync"],"condition":[],"effect":"Allow","not_actions":null,"not_principals":[],"not_resources":null,"principals":[],"resources":[null],"sid":"InvokeSageMakerEndpoint"}],"version":null},"after_unknown":{"id":true,"json":true,"minified_json":true,"statement":[{"actions":[false,false],"condition":[],"not_principals":[],"principals":[],"resources":[true]}]},"before_sensitive":false,"after_sensitive":{"statement":[{"actions":[false,false],"condition":[],"not_principals":[],"principals":[],"resources":[false]}]}},"action_reason":"read_because_config_unknown"},{"address":"aws_cloudwatch_event_rule.schedule[0]","mode":"managed","type":"aws_cloudwatch_event_rule","name":"schedule","index":0,"provider_name":"registry.terraform.io/hashicorp/aws","change":{"actions":["create"],"before":null,"after":{"description":null,"event_bus_name":"default","event_pattern":null,"force_destroy":false,"is_enabled":null,"name":"hello-world-invoke-sagemaker-schedule","role_arn":null,"schedule_expression":"rate(5 minutes)","state":null,"tags":null,"tags_all":{"Managed":"terraform","Project":"test_sagemaker_deploy"}},"after_unknown":{"arn":true,"id":true,"name_prefix":true,"tags_all":{}},"before_sensitive":false,"after_sensitive":{"tags_all":{}}}},{"address":"aws_cloudwatch_event_target.lambda[0]","mode":"managed","type":"aws_cloudwatch_event_target","name":"lambda","index":0,"provider_name":"registry.terraform.io/hashicorp/aws","change":{"actions":["create"],"before":null,"after":{"appsync_target":[],"batch_target":[],"dead_letter_config":[],"ecs_target":[],"event_bus_name":"default","force_destroy":false,"http_target":[],"input":null,"input_path":null,"input_transformer":[],"kinesis_target":[],"redshift_target":[],"retry_policy":[],"role_arn":null,"rule":"hello-world-invoke-sagemaker-schedule","run_command_targets":[],"sagemaker_pipeline_target":[],"sqs_target":[],"target_id":"lambda"},"after_unknown":{"appsync_target":[],"arn":true,"batch_target":[],"dead_letter_config":[],"ecs_target":[],"http_target":[],"id":true,"input_transformer":[],"kinesis_target":[],"redshift_target":[],"retry_policy":[],"run_command_targets":[],"sagemaker_pipeline_target":[],"sqs_target":[]},"before_sensitive":false,"after_sensitive":{"appsync_target":[],"batch_target":[],"dead_letter_config":[],"ecs_target":[],"http_target":[],"input_transformer":[],"kinesis_target":[],"redshift_target":[],"retry_policy":[],"run_command_targets":[],"sagemaker_pipeline_target":[],"sqs_target":[]}}},{"address":"aws_cloudwatch_log_group.lambda","mode":"managed","type":"aws_cloudwatch_log_group","name":"lambda","provider_name":"registry.terraform.io/hashicorp/aws","change":{"actions":["create"],"before":null,"after":{"kms_key_id":null,"name":"/aws/lambda/hello-world-sagemaker-invoker","retention_in_days":14,"skip_destroy":false,"tags":null,"tags_all":{"Managed":"terraform","Project":"test_sagemaker_deploy"}},"after_unknown":{"arn":true,"id":true,"log_group_class":true,"name_prefix":true,"tags_all":{}},"before_sensitive":false,"after_sensitive":{"tags_all":{}}}},{"address":"aws_ecr_lifecycle_policy.inference","mode":"managed","type":"aws_ecr_lifecycle_policy","name":"inference","provider_name":"registry.terraform.io/hashicorp/aws","change":{"actions":["create"],"before":null,"after":{"policy":"{\"rules\":[{\"action\":{\"type\":\"expire\"},\"description\":\"Keep last 20 images\",\"rulePriority\":1,\"selection\":{\"countNumber\":20,\"countType\":\"imageCountMoreThan\",\"tagStatus\":\"any\"}}]}","repository":"test_sage_maker"},"after_unknown":{"id":true,"registry_id":true},"before_sensitive":false,"after_sensitive":{}}},{"address":"aws_ecr_repository.inference","mode":"managed","type":"aws_ecr_repository","name":"inference","provider_name":"registry.terraform.io/hashicorp/aws","change":{"actions":["create"],"before":null,"after":{"encryption_configuration":[],"force_delete":null,"image_scanning_configuration":[{"scan_on_push":true}],"image_tag_mutability":"MUTABLE","name":"test_sage_maker","tags":null,"tags_all":{"Managed":"terraform","Project":"test_sagemaker_deploy"},"timeouts":null},"after_unknown":{"arn":true,"encryption_configuration":[],"id":true,"image_scanning_configuration":[{}],"registry_id":true,"repository_url":true,"tags_all":{}},"before_sensitive":false,"after_sensitive":{"encryption_configuration":[],"image_scanning_configuration":[{}],"tags_all":{}}}},{"address":"aws_iam_policy.lambda_invoke_sagemaker","mode":"managed","type":"aws_iam_policy","name":"lambda_invoke_sagemaker","provider_name":"registry.terraform.io/hashicorp/aws","change":{"actions":["create"],"before":null,"after":{"description":null,"name":"hello-world-lambda-invoke-sagemaker","path":"/","tags":null,"tags_all":{"Managed":"terraform","Project":"test_sagemaker_deploy"}},"after_unknown":{"arn":true,"attachment_count":true,"id":true,"name_prefix":true,"policy":true,"policy_id":true,"tags_all":{}},"before_sensitive":false,"after_sensitive":{"tags_all":{}}}},{"address":"aws_iam_role.lambda_execution","mode":"managed","type":"aws_iam_role","name":"lambda_execution","provider_name":"registry.terraform.io/hashicorp/aws","change":{"actions":["create"],"before":null,"after":{"assume_role_policy":"{\"Statement\":[{\"Action\":\"sts:AssumeRole\",\"Effect\":\"Allow\",\"Principal\":{\"Service\":\"lambda.amazonaws.com\"}}],\"Version\":\"2012-10-17\"}","description":null,"force_detach_policies":false,"max_session_duration":3600,"name":"hello-world-lambda-exec","path":"/","permissions_boundary":null,"tags":null,"tags_all":{"Managed":"terraform","Project":"test_sagemaker_deploy"}},"after_unknown":{"arn":true,"create_date":true,"id":true,"inline_policy":true,"managed_policy_arns":true,"name_prefix":true,"tags_all":{},"unique_id":true},"before_sensitive":false,"after_sensitive":{"inline_policy":[],"managed_policy_arns":[],"tags_all":{}}}},{"address":"aws_iam_role.sagemaker_execution","mode":"managed","type":"aws_iam_role","name":"sagemaker_execution","provider_name":"registry.terraform.io/hashicorp/aws","change":{"actions":["create"],"before":null,"after":{"assume_role_policy":"{\"Statement\":[{\"Action\":\"sts:AssumeRole\",\"Effect\":\"Allow\",\"Principal\":{\"Service\":\"sagemaker.amazonaws.com\"}}],\"Version\":\"2012-10-17\"}","description":null,"force_detach_policies":false,"max_session_duration":3600,"name":"hello-world-sagemaker-exec","path":"/","permissions_boundary":null,"tags":null,"tags_all":{"Managed":"terraform","Project":"test_sagemaker_deploy"}},"after_unknown":{"arn":true,"create_date":true,"id":true,"inline_policy":true,"managed_policy_arns":true,"name_prefix":true,"tags_all":{},"unique_id":true},"before_sensitive":false,"after_sensitive":{"inline_policy":[],"managed_policy_arns":[],"tags_all":{}}}},{"address":"aws_iam_role_policy_attachment.lambda_basic","mode":"managed","type":"aws_iam_role_policy_attachment","name":"lambda_basic","provider_name":"registry.terraform.io/hashicorp/aws","change":{"actions":["create"],"before":null,"after":{"policy_arn":"arn:aws:iam::aws:policy/service-role/AWSLambdaBasicExecutionRole","role":"hello-world-lambda-exec"},"after_unknown":{"id":true},"before_sensitive":false,"after_sensitive":{}}},{"address":"aws_iam_role_policy_attachment.lambda_invoke_sagemaker","mode":"managed","type":"aws_iam_role_policy_attachment","name":"lambda_invoke_sagemaker","provider_name":"registry.terraform.io/hashicorp/aws","change":{"actions":["create"],"before":null,"after":{"role":"hello-world-lambda-exec"},"after_unknown":{"id":true,"policy_arn":true},"before_sensitive":false,"after_sensitive":{}}},{"address":"aws_iam_role_policy_attachment.sagemaker_cw_logs","mode":"managed","type":"aws_iam_role_policy_attachment","name":"sagemaker_cw_logs","provider_name":"registry.terraform.io/hashicorp/aws","change":{"actions":["create"],"before":null,"after":{"policy_arn":"arn:aws:iam::aws:policy/CloudWatchLogsFullAccess","role":"hello-world-sagemaker-exec"},"after_unknown":{"id":true},"before_sensitive":false,"after_sensitive":{}}},{"address":"aws_iam_role_policy_attachment.sagemaker_ecr_readonly","mode":"managed","type":"aws_iam_role_policy_attachment","name":"sagemaker_ecr_readonly","provider_name":"registry.terraform.io/hashicorp/aws","change":{"actions":["create"],"before":null,"after":{"policy_arn":"arn:aws:iam::aws:policy/AmazonEC2ContainerRegistryReadOnly","role":"hello-world-sagemaker-exec"},"after_unknown":{"id":true},"before_sensitive":false,"after_sensitive":{}}},{"address":"aws_lambda_function.invoker","mode":"managed","type":"aws_lambda_function","name":"invoker","provider_name":"registry.terraform.io/hashicorp/aws","change":{"actions":["create"],"before":null,"after":{"code_signing_config_arn":null,"dead_letter_config":[],"description":null,"environment":[{"variables":{"AWS_REGION":"eu-west-1","SAGEMAKER_ENDPOINT_NAME":"hello-world-endpoint"}}],"file_system_config":[],"filename":"./lambda_function.zip","function_name":"hello-world-sagemaker-invoker","handler":"lambda_function.lambda_handler","image_config":[],"image_uri":null,"kms_key_arn":null,"layers":null,"memory_size":256,"package_type":"Zip","publish":false,"replace_security_groups_on_destroy":null,"replacement_security_group_ids":null,"reserved_concurrent_executions":-1,"runtime":"python3.11","s3_bucket":null,"s3_key":null,"s3_object_version":null,"skip_destroy":false,"snap_start":[],"source_code_hash":"11t9buhzYmWzttdm31o4tVVhlyhUNTrIf1R6HdNxSjI=","tags":null,"tags_all":{"Managed":"terraform","Project":"test_sagemaker_deploy"},"timeout":30,"timeouts":null,"vpc_config":[]},"after_unknown":{"architectures":true,"arn":true,"code_sha256":true,"dead_letter_config":[],"environment":[{"variables":{}}],"ephemeral_storage":true,"file_system_config":[],"id":true,"image_config":[],"invoke_arn":true,"last_modified":true,"logging_config":true,"qualified_arn":true,"qualified_invoke_arn":true,"role":true,"signing_job_arn":true,"signing_profile_version_arn":true,"snap_start":[],"source_code_size":true,"tags_all":{},"tracing_config":true,"version":true,"vpc_config":[]},"before_sensitive":false,"after_sensitive":{"architectures":[],"dead_letter_config":[],"environment":[{"variables":{}}],"ephemeral_storage":[],"file_system_config":[],"image_config":[],"logging_config":[],"snap_start":[],"tags_all":{},"tracing_config":[],"vpc_config":[]}}},{"address":"aws_lambda_permission.allow_eventbridge[0]","mode":"managed","type":"aws_lambda_permission","name":"allow_eventbridge","index":0,"provider_name":"registry.terraform.io/hashicorp/aws","change":{"actions":["create"],"before":null,"after":{"action":"lambda:InvokeFunction","event_source_token":null,"function_name":"hello-world-sagemaker-invoker","function_url_auth_type":null,"principal":"events.amazonaws.com","principal_org_id":null,"qualifier":null,"source_account":null,"statement_id":"AllowExecutionFromEventBridge"},"after_unknown":{"id":true,"source_arn":true,"statement_id_prefix":true},"before_sensitive":false,"after_sensitive":{}}},{"address":"aws_sagemaker_endpoint.endpoint","mode":"managed","type":"aws_sagemaker_endpoint","name":"endpoint","provider_name":"registry.terraform.io/hashicorp/aws","change":{"actions":["create"],"before":null,"after":{"deployment_config":[],"endpoint_config_name":"hello-world-endpoint-cfg","name":"hello-world-endpoint","tags":null,"tags_all":{"Managed":"terraform","Project":"test_sagemaker_deploy"}},"after_unknown":{"arn":true,"deployment_config":[],"id":true,"tags_all":{}},"before_sensitive":false,"after_sensitive":{"deployment_config":[],"tags_all":{}}}},{"address":"aws_sagemaker_endpoint_configuration.cfg","mode":"managed","type":"aws_sagemaker_endpoint_configuration","name":"cfg","provider_name":"registry.terraform.io/hashicorp/aws","change":{"actions":["create"],"before":null,"after":{"async_inference_config":[],"data_capture_config":[],"kms_key_arn":null,"name":"hello-world-endpoint-cfg","production_variants":[{"accelerator_type":null,"container_startup_health_check_timeout_in_seconds":null,"core_dump_config":[],"enable_ssm_access":null,"inference_ami_version":null,"initial_instance_count":1,"initial_variant_weight":1,"instance_type":"ml.t2.medium","managed_instance_scaling":[],"model_data_download_timeout_in_seconds":null,"model_name":"hello-world-model","routing_config":[],"serverless_config":[],"variant_name":"AllTraffic"}],"shadow_production_variants":[],"tags":null,"tags_all":{"Managed":"terraform","Project":"test_sagemaker_deploy"}},"after_unknown":{"arn":true,"async_inference_config":[],"data_capture_config":[],"id":true,"name_prefix":true,"production_variants":[{"core_dump_config":[],"managed_instance_scaling":[],"routing_config":[],"serverless_config":[],"volume_size_in_gb":true}],"shadow_production_variants":[],"tags_all":{}},"before_sensitive":false,"after_sensitive":{"async_inference_config":[],"data_capture_config":[],"production_variants":[{"core_dump_config":[],"managed_instance_scaling":[],"routing_config":[],"serverless_config":[]}],"shadow_production_variants":[],"tags_all":{}}}},{"address":"aws_sagemaker_model.model","mode":"managed","type":"aws_sagemaker_model","name":"model","provider_name":"registry.terraform.io/hashicorp/aws","change":{"actions":["create"],"before":null,"after":{"container":[],"enable_network_isolation":null,"name":"hello-world-model","primary_container":[{"container_hostname":null,"environment":{"SAGEMAKER_PROGRAM":"app.py","SAGEMAKER_SUBMIT_DIRECTORY":"/usr/src/app"},"image_config":[],"inference_specification_name":null,"mode":"SingleModel","model_data_url":null,"model_package_name":null,"multi_model_config":[]}],"tags":null,"tags_all":{"Managed":"terraform","Project":"test_sagemaker_deploy"},"vpc_config":[]},"after_unknown":{"arn":true,"container":[],"execution_role_arn":true,"id":true,"inference_execution_config":true,"primary_container":[{"environment":{},"image":true,"image_config":[],"model_data_source":true,"multi_model_config":[]}],"tags_all":{},"vpc_config":[]},"before_sensitive":false,"after_sensitive":{"container":[],"inference_execution_config":[],"primary_container":[{"environment":{},"image_config":[],"model_data_source":[],"multi_model_config":[]}],"tags_all":{},"vpc_config":[]}}}],"output_changes":{"ecr_repository_url":{"actions":["create"],"before":null,"after_unknown":true,"before_sensitive":false,"after_sensitive":false},"lambda_function_name":{"actions":["create"],"before":null,"after":"hello-world-sagemaker-invoker","after_unknown":false,"before_sensitive":false,"after_sensitive":false},"sagemaker_endpoint_name":{"actions":["create"],"before":null,"after":"hello-world-endpoint","after_unknown":false,"before_sensitive":false,"after_sensitive":false},"sagemaker_image_uri":{"actions":["create"],"before":null,"after_unknown":true,"before_sensitive":false,"after_sensitive":false}},"prior_state":{"format_version":"1.0","terraform_version":"1.13.5","values":{"outputs":{"lambda_function_name":{"sensitive":false,"value":"hello-world-sagemaker-invoker","type":"string"},"sagemaker_endpoint_name":{"sensitive":false,"value":"hello-world-endpoint","type":"string"}},"root_module":{"resources":[{"address":"data.archive_file.lambda_dummy","mode":"data","type":"archive_file","name":"lambda_dummy","provider_name":"registry.terraform.io/hashicorp/archive","schema_version":0,"values":{"exclude_symlink_directories":null,"excludes":null,"id":"58e93fade67637870be5af38eff8d5aa66c7da49","output_base64sha256":"wmbalFzzY/wG3ivChKElOZB3+B4gptmQyIat05p+fU4=","output_base64sha512":"BQYAg1LwEY4tDmry1VoRx6StX0vjH+7LpfB5KAZLVvfJQjioPbBv1QxI6QF6P2U614fU3h9XKBCb9z5Y1ornqA==","output_file_mode":null,"output_md5":"a0dbd832a6a977d6d5b28ea5c85e30fb","output_path":"./.dummy/lambda.zip","output_sha":"58e93fade67637870be5af38eff8d5aa66c7da49","output_sha256":"c266da945cf363fc06de2bc284a125399077f81e20a6d990c886add39a7e7d4e","output_sha512":"0506008352f0118e2d0e6af2d55a11c7a4ad5f4be31feecba5f07928064b56f7c94238a83db06fd50c48e9017a3f653ad787d4de1f5728109bf73e58d68ae7a8","output_size":246,"source":[{"content":"exports.handler = async (event) =\u003e {\n  console.log(\"Dummy lambda invoked\");\n  return { statusCode: 200, body: \"dummy\" };\n};\n","filename":"index.js"}],"source_content":null,"source_content_filename":null,"source_dir":null,"source_file":null,"type":"zip"},"sensitive_values":{"source":[{}]}},{"address":"data.archive_file.lambda_zip","mode":"data","type":"archive_file","name":"lambda_zip","provider_name":"registry.terraform.io/hashicorp/archive","schema_version":0,"values":{"exclude_symlink_directories":null,"excludes":null,"id":"6477abe8785194c519214f9fb641638a3c0a048c","output_base64sha256":"11t9buhzYmWzttdm31o4tVVhlyhUNTrIf1R6HdNxSjI=","output_base64sha512":"bEbIUCv0h+6Gnb4d2jD0OjuVp2A3FaEZ+R/cdfV3fgUPMKDwBfMlOcXlxGQPMDaT5TkIu7M8uV6gW56y8+DasQ==","output_file_mode":null,"output_md5":"c3690cea3259d540188934327eca9ce4","output_path":"./lambda_function.zip","output_sha":"6477abe8785194c519214f9fb641638a3c0a048c","output_sha256":"d75b7d6ee8736265b3b6d766df5a38b55561972854353ac87f547a1dd3714a32","output_sha512":"6c46c8502bf487ee869dbe1dda30f43a3b95a7603715a119f91fdc75f5777e050f30a0f005f32539c5e5c4640f303693e53908bbb33cb95ea05b9eb2f3e0dab1","output_size":500,"source":[],"source_content":null,"source_content_filename":null,"source_dir":null,"source_file":"./../lambda/src/lambda_function.py","type":"zip"},"sensitive_values":{"source":[]}},{"address":"data.aws_caller_identity.current","mode":"data","type":"aws_caller_identity","name":"current","provider_name":"registry.terraform.io/hashicorp/aws","schema_version":0,"values":{"account_id":"000000000000","arn":"arn:aws:iam::000000000000:root","id":"000000000000","user_id":"AKIAIOSFODNN7EXAMPLE"},"sensitive_values":{}},{"address":"data.aws_iam_policy_document.lambda_assume","mode":"data","type":"aws_iam_policy_document","name":"lambda_assume","provider_name":"registry.terraform.io/hashicorp/aws","schema_version":0,"values":{"id":"2690255455","json":"{\n  \"Version\": \"2012-10-17\",\n  \"Statement\": [\n    {\n      \"Effect\": \"Allow\",\n      \"Action\": \"sts:AssumeRole\",\n      \"Principal\": {\n        \"Service\": \"lambda.amazonaws.com\"\n      }\n    }\n  ]\n}","minified_json":"{\"Version\":\"2012-10-17\",\"Statement\":[{\"Effect\":\"Allow\",\"Action\":\"sts:AssumeRole\",\"Principal\":{\"Service\":\"lambda.amazonaws.com\"}}]}","override_json":null,"override_policy_documents":null,"policy_id":null,"source_json":null,"source_policy_documents":null,"statement":[{"actions":["sts:AssumeRole"],"condition":[],"effect":"Allow","not_actions":[],"not_principals":[],"not_resources":[],"principals":[{"identifiers":["lambda.amazonaws.com"],"type":"Service"}],"resources":[],"sid":""}],"version":"2012-10-17"},"sensitive_values":{"statement":[{"actions":[false],"condition":[],"not_actions":[],"not_principals":[],"not_resources":[],"principals":[{"identifiers":[false]}],"resources":[]}]}},{"address":"data.aws_iam_policy_document.sagemaker_assume","mode":"data","type":"aws_iam_policy_document","name":"sagemaker_assume","provider_name":"registry.terraform.io/hashicorp/aws","schema_version":0,"values":{"id":"1147345228","json":"{\n  \"Version\": \"2012-10-17\",\n  \"Statement\": [\n    {\n      \"Effect\": \"Allow\",\n      \"Action\": \"sts:AssumeRole\",\n      \"Principal\": {\n        \"Service\": \"sagemaker.amazonaws.com\"\n      }\n    }\n  ]\n}","minified_json":"{\"Version\":\"2012-10-17\",\"Statement\":[{\"Effect\":\"Allow\",\"Action\":\"sts:AssumeRole\",\"Principal\":{\"Service\":\"sagemaker.amazonaws.com\"}}]}","override_json":null,"override_policy_documents":null,"policy_id":null,"source_json":null,"source_policy_documents":null,"statement":[{"actions":["sts:AssumeRole"],"condition":[],"effect":"Allow","not_actions":[],"not_principals":[],"not_resources":[],"principals":[{"identifiers":["sagemaker.amazonaws.com"],"type":"Service"}],"resources":[],"sid":""}],"version":"2012-10-17"},"sensitive_values":{"statement":[{"actions":[false],"condition":[],"not_actions":[],"not_principals":[],"not_resources":[],"principals":[{"identifiers":[false]}],"resources":[]}]}},{"address":"data.aws_region.current","mode":"data","type":"aws_region","name":"current","provider_name":"registry.terraform.io/hashicorp/aws","schema_version":0,"values":{"description":"Europe (Ireland)","endpoint":"ec2.eu-west-1.amazonaws.com","id":"eu-west-1","name":"eu-west-1"},"sensitive_values":{}}]}}},"configuration":{"provider_config":{"archive":{"name":"archive","full_name":"registry.terraform.io/hashicorp/archive","version_constraint":"~\u003e 2.4"},"aws":{"name":"aws","full_name":"registry.terraform.io/hashicorp/aws","version_constraint":"~\u003e 5.0","expressions":{"default_tags":[{"tags":{"references":["var.tags"]}}],"region":{"references":["var.aws_region"]}}}},"root_module":{"outputs":{"ecr_repository_url":{"expression":{"references":["aws_ecr_repository.inference.repository_url","aws_ecr_repository.inference"]},"description":"ECR repository URL (without tag)."},"lambda_function_name":{"expression":{"references":["aws_lambda_function.invoker.function_name","aws_lambda_function.invoker"]},"description":"Lambda function name that invokes the SageMaker endpoint."},"sagemaker_endpoint_name":{"expression":{"references":["aws_sagemaker_endpoint.endpoint.name","aws_sagemaker_endpoint.endpoint"]},"description":"SageMaker endpoint name."},"sagemaker_image_uri":{"expression":{"references":["local.image_uri"]},"description":"Full image URI (including tag) used by SageMaker."}},"resources":[{"address":"aws_cloudwatch_event_rule.schedule","mode":"managed","type":"aws_cloudwatch_event_rule","name":"schedule","provider_config_key":"aws","expressions":{"name":{"references":["var.name"]},"schedule_expression":{"references":["var.lambda_schedule_expression"]}},"schema_version":1,"count_expression":{"references":["var.lambda_schedule_expression"]}},{"address":"aws_cloudwatch_event_target.lambda","mode":"managed","type":"aws_cloudwatch_event_target","name":"lambda","provider_config_key":"aws","expressions":{"arn":{"references":["aws_lambda_function.invoker.arn","aws_lambda_function.invoker"]},"rule":{"references":["aws_cloudwatch_event_rule.schedule[0].name","aws_cloudwatch_event_rule.schedule[0]","aws_cloudwatch_event_rule.schedule"]},"target_id":{"constant_value":"lambda"}},"schema_version":1,"count_expression":{"references":["var.lambda_schedule_expression"]}},{"address":"aws_cloudwatch_log_group.lambda","mode":"managed","type":"aws_cloudwatch_log_group","name":"lambda","provider_config_key":"aws","expressions":{"name":{"references":["aws_lambda_function.invoker.function_name","aws_lambda_function.invoker"]},"retention_in_days":{"constant_value":14}},"schema_version":0},{"address":"aws_ecr_lifecycle_policy.inference","mode":"managed","type":"aws_ecr_lifecycle_policy","name":"inference","provider_config_key":"aws","expressions":{"policy":{},"repository":{"references":["aws_ecr_repository.inference.name","aws_ecr_repository.inference"]}},"schema_version":0},{"address":"aws_ecr_repository.inference","mode":"managed","type":"aws_ecr_repository","name":"inference","provider_config_key":"aws","expressions":{"image_scanning_configuration":[{"scan_on_push":{"constant_value":true}}],"image_tag_mutability":{"constant_value":"MUTABLE"},"name":{"references":["var.ecr_repository_name"]}},"schema_version":0},{"address":"aws_iam_policy.lambda_invoke_sagemaker","mode":"managed","type":"aws_iam_policy","name":"lambda_invoke_sagemaker","provider_config_key":"aws","expressions":{"name":{"references":["var.name"]},"policy":{"references":["data.aws_iam_policy_document.lambda_invoke_sagemaker.json","data.aws_iam_policy_document.lambda_invoke_sagemaker"]}},"schema_version":0},{"address":"aws_iam_role.lambda_execution","mode":"managed","type":"aws_iam_role","name":"lambda_execution","provider_config_key":"aws","expressions":{"assume_role_policy":{"references":["data.aws_iam_policy_document.lambda_assume.json","data.aws_iam_policy_document.lambda_assume"]},"name":{"references":["var.name"]}},"schema_version":0},{"address":"aws_iam_role.sagemaker_execution","mode":"managed","type":"aws_iam_role","name":"sagemaker_execution","provider_config_key":"aws","expressions":{"assume_role_policy":{"references":["data.aws_iam_policy_document.sagemaker_assume.json","data.aws_iam_policy_document.sagemaker_assume"]},"name":{"references":["var.name"]}},"schema_version":0},{"address":"aws_iam_role_policy_attachment.lambda_basic","mode":"managed","type":"aws_iam_role_policy_attachment","name":"lambda_basic","provider_config_key":"aws","expressions":{"policy_arn":{"constant_value":"arn:aws:iam::aws:policy/service-role/AWSLambdaBasicExecutionRole"},"role":{"references":["aws_iam_role.lambda_execution.name","aws_iam_role.lambda_execution"]}},"schema_version":0},{"address":"aws_iam_role_policy_attachment.lambda_invoke_sagemaker","mode":"managed","type":"aws_iam_role_policy_attachment","name":"lambda_invoke_sagemaker","provider_config_key":"aws","expressions":{"policy_arn":{"references":["aws_iam_policy.lambda_invoke_sagemaker.arn","aws_iam_policy.lambda_invoke_sagemaker"]},"role":{"references":["aws_iam_role.lambda_execution.name","aws_iam_role.lambda_execution"]}},"schema_version":0},{"address":"aws_iam_role_policy_attachment.sagemaker_cw_logs","mode":"managed","type":"aws_iam_role_policy_attachment","name":"sagemaker_cw_logs","provider_config_key":"aws","expressions":{"policy_arn":{"constant_value":"arn:aws:iam::aws:policy/CloudWatchLogsFullAccess"},"role":{"references":["aws_iam_role.sagemaker_execution.name","aws_iam_role.sagemaker_execution"]}},"schema_version":0},{"address":"aws_iam_role_policy_attachment.sagemaker_ecr_readonly","mode":"managed","type":"aws_iam_role_policy_attachment","name":"sagemaker_ecr_readonly","provider_config_key":"aws","expressions":{"policy_arn":{"constant_value":"arn:aws:iam::aws:policy/AmazonEC2ContainerRegistryReadOnly"},"role":{"references":["aws_iam_role.sagemaker_execution.name","aws_iam_role.sagemaker_execution"]}},"schema_version":0},{"address":"aws_lambda_function.invoker","mode":"managed","type":"aws_lambda_function","name":"invoker","provider_config_key":"aws","expressions":{"environment":[{"variables":{"references":["var.sagemaker_endpoint_name","var.aws_region"]}}],"filename":{"references":["data.archive_file.lambda_zip.output_path","data.archive_file.lambda_zip"]},"function_name":{"references":["var.name"]},"handler":{"constant_value":"lambda_function.lambda_handler"},"memory_size":{"references":["var.lambda_memory_size"]},"role":{"references":["aws_iam_role.lambda_execution.arn","aws_iam_role.lambda_execution"]},"runtime":{"constant_value":"python3.11"},"source_code_hash":{"references":["data.archive_file.lambda_zip.output_base64sha256","data.archive_file.lambda_zip"]},"timeout":{"references":["var.lambda_timeout_seconds"]}},"schema_version":0,"depends_on":["aws_iam_role_policy_attachment.lambda_basic","aws_iam_role_policy_attachment.lambda_invoke_sagemaker"]},{"address":"aws_lambda_permission.allow_eventbridge","mode":"managed","type":"aws_lambda_permission","name":"allow_eventbridge","provider_config_key":"aws","expressions":{"action":{"constant_value":"lambda:InvokeFunction"},"function_name":{"references":["aws_lambda_function.invoker.function_name","aws_lambda_function.invoker"]},"principal":{"constant_value":"events.amazonaws.com"},"source_arn":{"references":["aws_cloudwatch_event_rule.schedule[0].arn","aws_cloudwatch_event_rule.schedule[0]","aws_cloudwatch_event_rule.schedule"]},"statement_id":{"constant_value":"AllowExecutionFromEventBridge"}},"schema_version":0,"count_expression":{"references":["var.lambda_schedule_expression"]}},{"address":"aws_sagemaker_endpoint.endpoint","mode":"managed","type":"aws_sagemaker_endpoint","name":"endpoint","provider_config_key":"aws","expressions":{"endpoint_config_name":{"references":["aws_sagemaker_endpoint_configuration.cfg.name","aws_sagemaker_endpoint_configuration.cfg"]},"name":{"references":["var.sagemaker_endpoint_name"]}},"schema_version":0},{"address":"aws_sagemaker_endpoint_configuration.cfg","mode":"managed","type":"aws_sagemaker_endpoint_configuration","name":"cfg","provider_config_key":"aws","expressions":{"name":{"references":["var.name"]},"production_variants":[{"initial_instance_count":{"references":["var.initial_instance_count"]},"instance_type":{"references":["var.instance_type"]},"model_name":{"references":["aws_sagemaker_model.model.name","aws_sagemaker_model.model"]},"variant_name":{"constant_value":"AllTraffic"}}]},"schema_version":0},{"address":"aws_sagemaker_model.model","mode":"managed","type":"aws_sagemaker_model","name":"model","provider_config_key":"aws","expressions":{"execution_role_arn":{"references":["aws_iam_role.sagemaker_execution.arn","aws_iam_role.sagemaker_execution"]},"name":{"references":["var.name"]},"primary_container":[{"environment":{"constant_value":{"SAGEMAKER_PROGRAM":"app.py","SAGEMAKER_SUBMIT_DIRECTORY":"/usr/src/app"}},"image":{"references":["local.image_uri"]}}]},"schema_version":0},{"address":"data.archive_file.lambda_dummy","mode":"data","type":"archive_file","name":"lambda_dummy","provider_config_key":"archive","expressions":{"output_path":{"references":["local.lambda_dummy_zip"]},"source":[{"content":{"constant_value":"exports.handler = async (event) =\u003e {\n  console.log(\"Dummy lambda invoked\");\n  return { statusCode: 200, body: \"dummy\" };\n};\n"},"filename":{"constant_value":"index.js"}}],"type":{"constant_value":"zip"}},"schema_version":0},{"address":"data.archive_file.lambda_zip","mode":"data","type":"archive_file","name":"lambda_zip","provider_config_key":"archive","expressions":{"output_path":{"references":["path.module"]},"source_file":{"references":["path.module"]},"type":{"constant_value":"zip"}},"schema_version":0},{"address":"data.aws_caller_identity.current","mode":"data","type":"aws_caller_identity","name":"current","provider_config_key":"aws","schema_version":0},{"address":"data.aws_iam_policy_document.lambda_assume","mode":"data","type":"aws_iam_policy_document","name":"lambda_assume","provider_config_key":"aws","expressions":{"statement":[{"actions":{"constant_value":["sts:AssumeRole"]},"effect":{"constant_value":"Allow"},"principals":[{"identifiers":{"constant_value":["lambda.amazonaws.com"]},"type":{"constant_value":"Service"}}]}]},"schema_version":0},{"address":"data.aws_iam_policy_document.lambda_invoke_sagemaker","mode":"data","type":"aws_iam_policy_document","name":"lambda_invoke_sagemaker","provider_config_key":"aws","expressions":{"statement":[{"actions":{"constant_value":["sagemaker:InvokeEndpoint","sagemaker:InvokeEndpointAsync"]},"effect":{"constant_value":"Allow"},"resources":{"references":["aws_sagemaker_endpoint.endpoint.arn","aws_sagemaker_endpoint.endpoint"]},"sid":{"constant_value":"InvokeSageMakerEndpoint"}}]},"schema_version":0},{"address":"data.aws_iam_policy_document.sagemaker_assume","mode":"data","type":"aws_iam_policy_document","name":"sagemaker_assume","provider_config_key":"aws","expressions":{"statement":[{"actions":{"constant_value":["sts:AssumeRole"]},"effect":{"constant_value":"Allow"},"principals":[{"identifiers":{"constant_value":["sagemaker.amazonaws.com"]},"type":{"constant_value":"Service"}}]}]},"schema_version":0},{"address":"data.aws_region.current","mode":"data","type":"aws_region","name":"current","provider_config_key":"aws","schema_version":0}],"variables":{"aws_region":{"default":"eu-west-1","description":"AWS region to deploy into."},"ecr_repository_name":{"default":"test_sage_maker","description":"ECR repository name for the inference container image."},"image_tag":{"default":"latest","description":"ECR image tag to deploy to SageMaker. You must build and push this tag to ECR separately."},"initial_instance_count":{"default":1,"description":"Initial number of instances for the endpoint."},"instance_type":{"default":"ml.t2.medium","description":"SageMaker instance type for the endpoint."},"lambda_memory_size":{"default":256,"description":"Lambda memory size in MB."},"lambda_schedule_expression":{"default":"rate(5 minutes)","description":"EventBridge schedule expression. Set to null to disable scheduling. Example: rate(5 minutes) or cron(0/5 * * * ? *)."},"lambda_timeout_seconds":{"default":30,"description":"Lambda timeout in seconds."},"name":{"default":"hello-world","description":"Name prefix for resources."},"sagemaker_endpoint_name":{"default":"hello-world-endpoint","description":"SageMaker endpoint name. Must match what clients/Lambda invoke."},"tags":{"default":{"Managed":"terraform","Project":"test_sagemaker_deploy"},"description":"Tags applied to all supported resources."}}}},"relevant_attributes":[{"resource":"aws_cloudwatch_event_rule.schedule[0]","attribute":["arn"]},{"resource":"aws_ecr_repository.inference","attribute":["name"]},{"resource":"data.archive_file.lambda_zip","attribute":["output_path"]},{"resource":"aws_iam_role.sagemaker_execution","attribute":["name"]},{"resource":"aws_cloudwatch_event_rule.schedule[0]","attribute":["name"]},{"resource":"aws_lambda_function.invoker","attribute":["function_name"]},{"resource":"data.aws_iam_policy_document.lambda_assume","attribute":["json"]},{"resource":"aws_ecr_repository.inference","attribute":["repository_url"]},{"resource":"aws_lambda_function.invoker","attribute":["arn"]},{"resource":"data.aws_iam_policy_document.sagemaker_assume","attribute":["json"]},{"resource":"aws_iam_role.lambda_execution","attribute":["name"]},{"resource":"data.aws_iam_policy_document.lambda_invoke_sagemaker","attribute":["json"]},{"resource":"aws_sagemaker_model.model","attribute":["name"]},{"resource":"aws_iam_policy.lambda_invoke_sagemaker","attribute":["arn"]},{"resource":"aws_sagemaker_endpoint.endpoint","attribute":["name"]},{"resource":"data.archive_file.lambda_zip","attribute":["output_base64sha256"]},{"resource":"aws_sagemaker_endpoint.endpoint","attribute":["arn"]},{"resource":"aws_sagemaker_endpoint_configuration.cfg","attribute":["name"]},{"resource":"aws_iam_role.lambda_execution","attribute":["arn"]},{"resource":"aws_iam_role.sagemaker_execution","attribute":["arn"]}],"timestamp":"2026-01-27T11:38:09Z","applyable":true,"complete":true,"errored":false}
