data.archive_file.lambda_dummy: Reading...
data.archive_file.lambda_zip: Reading...
data.archive_file.lambda_zip: Read complete after 0s [id=9a131ca3d4462ab4c1493d7761b3acba35b67b7f]
data.archive_file.lambda_dummy: Read complete after 0s [id=58e93fade67637870be5af38eff8d5aa66c7da49]
data.aws_region.current: Reading...
data.aws_caller_identity.current: Reading...
data.aws_availability_zones.available: Reading...
data.aws_region.current: Read complete after 0s [id=us-east-1]
data.aws_partition.current: Reading...
data.aws_partition.current: Read complete after 0s [id=aws]
data.aws_caller_identity.current: Read complete after 0s [id=000000000000]
data.aws_availability_zones.available: Read complete after 0s [id=us-east-1]

Terraform used the selected providers to generate the following execution
plan. Resource actions are indicated with the following symbols:
  + create
 <= read (data resources)

Terraform will perform the following actions:

  # data.aws_iam_policy_document.github_assume_role will be read during apply
  # (config refers to values not yet known)
 <= data "aws_iam_policy_document" "github_assume_role" {
      + id            = (known after apply)
      + json          = (known after apply)
      + minified_json = (known after apply)

      + statement {
          + actions = [
              + "sts:AssumeRoleWithWebIdentity",
            ]
          + effect  = "Allow"

          + condition {
              + test     = "StringEquals"
              + values   = [
                  + "sts.amazonaws.com",
                ]
              + variable = "token.actions.githubusercontent.com:aud"
            }
          + condition {
              + test     = "StringLike"
              + values   = [
                  + "repo:ai-tf/ai-tf:ref:refs/heads/main",
                ]
              + variable = "token.actions.githubusercontent.com:sub"
            }

          + principals {
              + identifiers = [
                  + (known after apply),
                ]
              + type        = "Federated"
            }
        }
    }

  # data.aws_iam_policy_document.github_ecr will be read during apply
  # (config refers to values not yet known)
 <= data "aws_iam_policy_document" "github_ecr" {
      + id            = (known after apply)
      + json          = (known after apply)
      + minified_json = (known after apply)

      + statement {
          + actions   = [
              + "ecr:GetAuthorizationToken",
            ]
          + effect    = "Allow"
          + resources = [
              + "*",
            ]
          + sid       = "EcrAuth"
        }
      + statement {
          + actions   = [
              + "ecr:BatchCheckLayerAvailability",
              + "ecr:BatchGetImage",
              + "ecr:CompleteLayerUpload",
              + "ecr:DescribeImages",
              + "ecr:DescribeRepositories",
              + "ecr:GetDownloadUrlForLayer",
              + "ecr:InitiateLayerUpload",
              + "ecr:ListImages",
              + "ecr:PutImage",
              + "ecr:UploadLayerPart",
            ]
          + effect    = "Allow"
          + resources = [
              + (known after apply),
            ]
          + sid       = "EcrPushPull"
        }
    }

  # data.aws_iam_policy_document.lambda_run_task will be read during apply
  # (config refers to values not yet known)
 <= data "aws_iam_policy_document" "lambda_run_task" {
      + id            = (known after apply)
      + json          = (known after apply)
      + minified_json = (known after apply)

      + statement {
          + actions   = [
              + "ecs:RunTask",
            ]
          + effect    = "Allow"
          + resources = [
              + (known after apply),
            ]
        }
      + statement {
          + actions   = [
              + "iam:PassRole",
            ]
          + effect    = "Allow"
          + resources = [
              + (known after apply),
              + (known after apply),
            ]
        }
    }

  # data.aws_iam_policy_document.task_state_access will be read during apply
  # (config refers to values not yet known)
 <= data "aws_iam_policy_document" "task_state_access" {
      + id            = (known after apply)
      + json          = (known after apply)
      + minified_json = (known after apply)

      + statement {
          + actions   = [
              + "s3:ListBucket",
            ]
          + effect    = "Allow"
          + resources = [
              + (known after apply),
            ]
        }
      + statement {
          + actions   = [
              + "s3:DeleteObject",
              + "s3:GetObject",
              + "s3:PutObject",
            ]
          + effect    = "Allow"
          + resources = [
              + (known after apply),
            ]
        }
      + statement {
          + actions   = [
              + "dynamodb:DeleteItem",
              + "dynamodb:DescribeTable",
              + "dynamodb:GetItem",
              + "dynamodb:PutItem",
              + "dynamodb:UpdateItem",
            ]
          + effect    = "Allow"
          + resources = [
              + (known after apply),
            ]
        }
      + statement {
          + actions   = [
              + "kms:Decrypt",
              + "kms:DescribeKey",
              + "kms:Encrypt",
              + "kms:GenerateDataKey",
            ]
          + effect    = "Allow"
          + resources = [
              + (known after apply),
            ]
        }
    }

  # aws_cloudwatch_log_group.runner will be created
  + resource "aws_cloudwatch_log_group" "runner" {
      + arn               = (known after apply)
      + id                = (known after apply)
      + log_group_class   = (known after apply)
      + name              = "/ecs/custom-alpine-terraform-dev-runner"
      + name_prefix       = (known after apply)
      + retention_in_days = 30
      + skip_destroy      = false
      + tags_all          = {
          + "Environment" = "dev"
          + "ManagedBy"   = "terraform"
          + "Project"     = "custom-alpine-terraform"
        }
    }

  # aws_dynamodb_table.tf_lock will be created
  + resource "aws_dynamodb_table" "tf_lock" {
      + arn              = (known after apply)
      + billing_mode     = "PAY_PER_REQUEST"
      + hash_key         = "LockID"
      + id               = (known after apply)
      + name             = "custom-alpine-terraform-dev-tf-lock"
      + read_capacity    = (known after apply)
      + stream_arn       = (known after apply)
      + stream_label     = (known after apply)
      + stream_view_type = (known after apply)
      + tags_all         = {
          + "Environment" = "dev"
          + "ManagedBy"   = "terraform"
          + "Project"     = "custom-alpine-terraform"
        }
      + write_capacity   = (known after apply)

      + attribute {
          + name = "LockID"
          + type = "S"
        }

      + point_in_time_recovery (known after apply)

      + server_side_encryption {
          + enabled     = true
          + kms_key_arn = (known after apply)
        }

      + ttl (known after apply)
    }

  # aws_ecr_lifecycle_policy.tooling will be created
  + resource "aws_ecr_lifecycle_policy" "tooling" {
      + id          = (known after apply)
      + policy      = jsonencode(
            {
              + rules = [
                  + {
                      + action       = {
                          + type = "expire"
                        }
                      + description  = "Keep last 30 images"
                      + rulePriority = 1
                      + selection    = {
                          + countNumber = 30
                          + countType   = "imageCountMoreThan"
                          + tagStatus   = "any"
                        }
                    },
                ]
            }
        )
      + registry_id = (known after apply)
      + repository  = "custom-alpine-terraform"
    }

  # aws_ecr_repository.tooling will be created
  + resource "aws_ecr_repository" "tooling" {
      + arn                  = (known after apply)
      + id                   = (known after apply)
      + image_tag_mutability = "MUTABLE"
      + name                 = "custom-alpine-terraform"
      + registry_id          = (known after apply)
      + repository_url       = (known after apply)
      + tags_all             = {
          + "Environment" = "dev"
          + "ManagedBy"   = "terraform"
          + "Project"     = "custom-alpine-terraform"
        }

      + encryption_configuration {
          + encryption_type = "AES256"
          + kms_key         = (known after apply)
        }

      + image_scanning_configuration {
          + scan_on_push = true
        }
    }

  # aws_ecs_cluster.runner will be created
  + resource "aws_ecs_cluster" "runner" {
      + arn      = (known after apply)
      + id       = (known after apply)
      + name     = "custom-alpine-terraform-dev-cluster"
      + tags_all = {
          + "Environment" = "dev"
          + "ManagedBy"   = "terraform"
          + "Project"     = "custom-alpine-terraform"
        }

      + setting (known after apply)
    }

  # aws_ecs_task_definition.runner will be created
  + resource "aws_ecs_task_definition" "runner" {
      + arn                      = (known after apply)
      + arn_without_revision     = (known after apply)
      + container_definitions    = (known after apply)
      + cpu                      = "256"
      + enable_fault_injection   = (known after apply)
      + execution_role_arn       = (known after apply)
      + family                   = "custom-alpine-terraform-dev-runner"
      + id                       = (known after apply)
      + memory                   = "512"
      + network_mode             = "awsvpc"
      + requires_compatibilities = [
          + "FARGATE",
        ]
      + revision                 = (known after apply)
      + skip_destroy             = false
      + tags_all                 = {
          + "Environment" = "dev"
          + "ManagedBy"   = "terraform"
          + "Project"     = "custom-alpine-terraform"
        }
      + task_role_arn            = (known after apply)
      + track_latest             = false
    }

  # aws_eip.nat[0] will be created
  + resource "aws_eip" "nat" {
      + allocation_id        = (known after apply)
      + arn                  = (known after apply)
      + association_id       = (known after apply)
      + carrier_ip           = (known after apply)
      + customer_owned_ip    = (known after apply)
      + domain               = "vpc"
      + id                   = (known after apply)
      + instance             = (known after apply)
      + ipam_pool_id         = (known after apply)
      + network_border_group = (known after apply)
      + network_interface    = (known after apply)
      + private_dns          = (known after apply)
      + private_ip           = (known after apply)
      + ptr_record           = (known after apply)
      + public_dns           = (known after apply)
      + public_ip            = (known after apply)
      + public_ipv4_pool     = (known after apply)
      + tags_all             = {
          + "Environment" = "dev"
          + "ManagedBy"   = "terraform"
          + "Project"     = "custom-alpine-terraform"
        }
      + vpc                  = (known after apply)
    }

  # aws_iam_openid_connect_provider.github will be created
  + resource "aws_iam_openid_connect_provider" "github" {
      + arn             = (known after apply)
      + client_id_list  = [
          + "sts.amazonaws.com",
        ]
      + id              = (known after apply)
      + tags_all        = {
          + "Environment" = "dev"
          + "ManagedBy"   = "terraform"
          + "Project"     = "custom-alpine-terraform"
        }
      + thumbprint_list = [
          + "6938fd4d98bab03faadb97b34396831e3780aea1",
        ]
      + url             = "https://token.actions.githubusercontent.com"
    }

  # aws_iam_role.ecs_task will be created
  + resource "aws_iam_role" "ecs_task" {
      + arn                   = (known after apply)
      + assume_role_policy    = jsonencode(
            {
              + Statement = [
                  + {
                      + Action    = "sts:AssumeRole"
                      + Effect    = "Allow"
                      + Principal = {
                          + Service = "ecs-tasks.amazonaws.com"
                        }
                    },
                ]
              + Version   = "2012-10-17"
            }
        )
      + create_date           = (known after apply)
      + force_detach_policies = false
      + id                    = (known after apply)
      + managed_policy_arns   = (known after apply)
      + max_session_duration  = 3600
      + name                  = "custom-alpine-terraform-dev-ecs-task"
      + name_prefix           = (known after apply)
      + path                  = "/"
      + tags_all              = {
          + "Environment" = "dev"
          + "ManagedBy"   = "terraform"
          + "Project"     = "custom-alpine-terraform"
        }
      + unique_id             = (known after apply)

      + inline_policy (known after apply)
    }

  # aws_iam_role.ecs_task_execution will be created
  + resource "aws_iam_role" "ecs_task_execution" {
      + arn                   = (known after apply)
      + assume_role_policy    = jsonencode(
            {
              + Statement = [
                  + {
                      + Action    = "sts:AssumeRole"
                      + Effect    = "Allow"
                      + Principal = {
                          + Service = "ecs-tasks.amazonaws.com"
                        }
                    },
                ]
              + Version   = "2012-10-17"
            }
        )
      + create_date           = (known after apply)
      + force_detach_policies = false
      + id                    = (known after apply)
      + managed_policy_arns   = (known after apply)
      + max_session_duration  = 3600
      + name                  = "custom-alpine-terraform-dev-ecs-task-exec"
      + name_prefix           = (known after apply)
      + path                  = "/"
      + tags_all              = {
          + "Environment" = "dev"
          + "ManagedBy"   = "terraform"
          + "Project"     = "custom-alpine-terraform"
        }
      + unique_id             = (known after apply)

      + inline_policy (known after apply)
    }

  # aws_iam_role.github_actions will be created
  + resource "aws_iam_role" "github_actions" {
      + arn                   = (known after apply)
      + assume_role_policy    = (known after apply)
      + create_date           = (known after apply)
      + force_detach_policies = false
      + id                    = (known after apply)
      + managed_policy_arns   = (known after apply)
      + max_session_duration  = 3600
      + name                  = "custom-alpine-terraform-dev-github-actions-ecr"
      + name_prefix           = (known after apply)
      + path                  = "/"
      + tags_all              = {
          + "Environment" = "dev"
          + "ManagedBy"   = "terraform"
          + "Project"     = "custom-alpine-terraform"
        }
      + unique_id             = (known after apply)

      + inline_policy (known after apply)
    }

  # aws_iam_role.lambda will be created
  + resource "aws_iam_role" "lambda" {
      + arn                   = (known after apply)
      + assume_role_policy    = jsonencode(
            {
              + Statement = [
                  + {
                      + Action    = "sts:AssumeRole"
                      + Effect    = "Allow"
                      + Principal = {
                          + Service = "lambda.amazonaws.com"
                        }
                    },
                ]
              + Version   = "2012-10-17"
            }
        )
      + create_date           = (known after apply)
      + force_detach_policies = false
      + id                    = (known after apply)
      + managed_policy_arns   = (known after apply)
      + max_session_duration  = 3600
      + name                  = "custom-alpine-terraform-dev-trigger-lambda"
      + name_prefix           = (known after apply)
      + path                  = "/"
      + tags_all              = {
          + "Environment" = "dev"
          + "ManagedBy"   = "terraform"
          + "Project"     = "custom-alpine-terraform"
        }
      + unique_id             = (known after apply)

      + inline_policy (known after apply)
    }

  # aws_iam_role_policy.github_ecr will be created
  + resource "aws_iam_role_policy" "github_ecr" {
      + id          = (known after apply)
      + name        = "custom-alpine-terraform-dev-github-ecr"
      + name_prefix = (known after apply)
      + policy      = (known after apply)
      + role        = (known after apply)
    }

  # aws_iam_role_policy.lambda_run_task will be created
  + resource "aws_iam_role_policy" "lambda_run_task" {
      + id          = (known after apply)
      + name        = "custom-alpine-terraform-dev-lambda-run-task"
      + name_prefix = (known after apply)
      + policy      = (known after apply)
      + role        = (known after apply)
    }

  # aws_iam_role_policy.task_state_access will be created
  + resource "aws_iam_role_policy" "task_state_access" {
      + id          = (known after apply)
      + name        = "custom-alpine-terraform-dev-task-state-access"
      + name_prefix = (known after apply)
      + policy      = (known after apply)
      + role        = (known after apply)
    }

  # aws_iam_role_policy_attachment.ecs_task_execution will be created
  + resource "aws_iam_role_policy_attachment" "ecs_task_execution" {
      + id         = (known after apply)
      + policy_arn = "arn:aws:iam::aws:policy/service-role/AmazonECSTaskExecutionRolePolicy"
      + role       = "custom-alpine-terraform-dev-ecs-task-exec"
    }

  # aws_iam_role_policy_attachment.lambda_basic will be created
  + resource "aws_iam_role_policy_attachment" "lambda_basic" {
      + id         = (known after apply)
      + policy_arn = "arn:aws:iam::aws:policy/service-role/AWSLambdaBasicExecutionRole"
      + role       = "custom-alpine-terraform-dev-trigger-lambda"
    }

  # aws_internet_gateway.igw will be created
  + resource "aws_internet_gateway" "igw" {
      + arn      = (known after apply)
      + id       = (known after apply)
      + owner_id = (known after apply)
      + tags_all = {
          + "Environment" = "dev"
          + "ManagedBy"   = "terraform"
          + "Project"     = "custom-alpine-terraform"
        }
      + vpc_id   = (known after apply)
    }

  # aws_kms_alias.tf_state will be created
  + resource "aws_kms_alias" "tf_state" {
      + arn            = (known after apply)
      + id             = (known after apply)
      + name           = "alias/custom-alpine-terraform-dev-tf-state"
      + name_prefix    = (known after apply)
      + target_key_arn = (known after apply)
      + target_key_id  = (known after apply)
    }

  # aws_kms_key.tf_state will be created
  + resource "aws_kms_key" "tf_state" {
      + arn                                = (known after apply)
      + bypass_policy_lockout_safety_check = false
      + customer_master_key_spec           = "SYMMETRIC_DEFAULT"
      + deletion_window_in_days            = 30
      + description                        = "KMS key for Terraform remote state encryption"
      + enable_key_rotation                = true
      + id                                 = (known after apply)
      + is_enabled                         = true
      + key_id                             = (known after apply)
      + key_usage                          = "ENCRYPT_DECRYPT"
      + multi_region                       = (known after apply)
      + policy                             = (known after apply)
      + rotation_period_in_days            = (known after apply)
      + tags_all                           = {
          + "Environment" = "dev"
          + "ManagedBy"   = "terraform"
          + "Project"     = "custom-alpine-terraform"
        }
    }

  # aws_lambda_function.trigger will be created
  + resource "aws_lambda_function" "trigger" {
      + architectures                  = (known after apply)
      + arn                            = (known after apply)
      + code_sha256                    = (known after apply)
      + filename                       = "./.build/trigger.zip"
      + function_name                  = "custom-alpine-terraform-dev-ecs-trigger"
      + handler                        = "lambda_function.handler"
      + id                             = (known after apply)
      + invoke_arn                     = (known after apply)
      + last_modified                  = (known after apply)
      + memory_size                    = 128
      + package_type                   = "Zip"
      + publish                        = false
      + qualified_arn                  = (known after apply)
      + qualified_invoke_arn           = (known after apply)
      + reserved_concurrent_executions = -1
      + role                           = (known after apply)
      + runtime                        = "python3.12"
      + signing_job_arn                = (known after apply)
      + signing_profile_version_arn    = (known after apply)
      + skip_destroy                   = false
      + source_code_hash               = "rYLbT/SpDYFejSxihyrb3chk5kVdY2+K9jHfTbcKP5I="
      + source_code_size               = (known after apply)
      + tags_all                       = {
          + "Environment" = "dev"
          + "ManagedBy"   = "terraform"
          + "Project"     = "custom-alpine-terraform"
        }
      + timeout                        = 30
      + version                        = (known after apply)

      + environment {
          + variables = (known after apply)
        }

      + ephemeral_storage (known after apply)

      + logging_config (known after apply)

      + tracing_config (known after apply)
    }

  # aws_nat_gateway.nat[0] will be created
  + resource "aws_nat_gateway" "nat" {
      + allocation_id                      = (known after apply)
      + association_id                     = (known after apply)
      + connectivity_type                  = "public"
      + id                                 = (known after apply)
      + network_interface_id               = (known after apply)
      + private_ip                         = (known after apply)
      + public_ip                          = (known after apply)
      + secondary_private_ip_address_count = (known after apply)
      + secondary_private_ip_addresses     = (known after apply)
      + subnet_id                          = (known after apply)
      + tags_all                           = {
          + "Environment" = "dev"
          + "ManagedBy"   = "terraform"
          + "Project"     = "custom-alpine-terraform"
        }
    }

  # aws_route.private_egress[0] will be created
  + resource "aws_route" "private_egress" {
      + destination_cidr_block = "0.0.0.0/0"
      + id                     = (known after apply)
      + instance_id            = (known after apply)
      + instance_owner_id      = (known after apply)
      + nat_gateway_id         = (known after apply)
      + network_interface_id   = (known after apply)
      + origin                 = (known after apply)
      + route_table_id         = (known after apply)
      + state                  = (known after apply)
    }

  # aws_route.public_internet will be created
  + resource "aws_route" "public_internet" {
      + destination_cidr_block = "0.0.0.0/0"
      + gateway_id             = (known after apply)
      + id                     = (known after apply)
      + instance_id            = (known after apply)
      + instance_owner_id      = (known after apply)
      + network_interface_id   = (known after apply)
      + origin                 = (known after apply)
      + route_table_id         = (known after apply)
      + state                  = (known after apply)
    }

  # aws_route_table.private will be created
  + resource "aws_route_table" "private" {
      + arn              = (known after apply)
      + id               = (known after apply)
      + owner_id         = (known after apply)
      + propagating_vgws = (known after apply)
      + route            = (known after apply)
      + tags_all         = {
          + "Environment" = "dev"
          + "ManagedBy"   = "terraform"
          + "Project"     = "custom-alpine-terraform"
        }
      + vpc_id           = (known after apply)
    }

  # aws_route_table.public will be created
  + resource "aws_route_table" "public" {
      + arn              = (known after apply)
      + id               = (known after apply)
      + owner_id         = (known after apply)
      + propagating_vgws = (known after apply)
      + route            = (known after apply)
      + tags_all         = {
          + "Environment" = "dev"
          + "ManagedBy"   = "terraform"
          + "Project"     = "custom-alpine-terraform"
        }
      + vpc_id           = (known after apply)
    }

  # aws_route_table_association.private["0"] will be created
  + resource "aws_route_table_association" "private" {
      + id             = (known after apply)
      + route_table_id = (known after apply)
      + subnet_id      = (known after apply)
    }

  # aws_route_table_association.private["1"] will be created
  + resource "aws_route_table_association" "private" {
      + id             = (known after apply)
      + route_table_id = (known after apply)
      + subnet_id      = (known after apply)
    }

  # aws_route_table_association.public["0"] will be created
  + resource "aws_route_table_association" "public" {
      + id             = (known after apply)
      + route_table_id = (known after apply)
      + subnet_id      = (known after apply)
    }

  # aws_route_table_association.public["1"] will be created
  + resource "aws_route_table_association" "public" {
      + id             = (known after apply)
      + route_table_id = (known after apply)
      + subnet_id      = (known after apply)
    }

  # aws_s3_bucket.tf_state will be created
  + resource "aws_s3_bucket" "tf_state" {
      + acceleration_status         = (known after apply)
      + acl                         = (known after apply)
      + arn                         = (known after apply)
      + bucket                      = "custom-alpine-terraform-dev-tf-state-000000000000-us-east-1"
      + bucket_domain_name          = (known after apply)
      + bucket_prefix               = (known after apply)
      + bucket_regional_domain_name = (known after apply)
      + force_destroy               = false
      + hosted_zone_id              = (known after apply)
      + id                          = (known after apply)
      + object_lock_enabled         = (known after apply)
      + policy                      = (known after apply)
      + region                      = (known after apply)
      + request_payer               = (known after apply)
      + tags_all                    = {
          + "Environment" = "dev"
          + "ManagedBy"   = "terraform"
          + "Project"     = "custom-alpine-terraform"
        }
      + website_domain              = (known after apply)
      + website_endpoint            = (known after apply)

      + cors_rule (known after apply)

      + grant (known after apply)

      + lifecycle_rule (known after apply)

      + logging (known after apply)

      + object_lock_configuration (known after apply)

      + replication_configuration (known after apply)

      + server_side_encryption_configuration (known after apply)

      + versioning (known after apply)

      + website (known after apply)
    }

  # aws_s3_bucket_ownership_controls.tf_state will be created
  + resource "aws_s3_bucket_ownership_controls" "tf_state" {
      + bucket = (known after apply)
      + id     = (known after apply)

      + rule {
          + object_ownership = "BucketOwnerEnforced"
        }
    }

  # aws_s3_bucket_public_access_block.tf_state will be created
  + resource "aws_s3_bucket_public_access_block" "tf_state" {
      + block_public_acls       = true
      + block_public_policy     = true
      + bucket                  = (known after apply)
      + id                      = (known after apply)
      + ignore_public_acls      = true
      + restrict_public_buckets = true
    }

  # aws_s3_bucket_server_side_encryption_configuration.tf_state will be created
  + resource "aws_s3_bucket_server_side_encryption_configuration" "tf_state" {
      + bucket = (known after apply)
      + id     = (known after apply)

      + rule {
          + apply_server_side_encryption_by_default {
              + kms_master_key_id = (known after apply)
              + sse_algorithm     = "aws:kms"
            }
        }
    }

  # aws_s3_bucket_versioning.tf_state will be created
  + resource "aws_s3_bucket_versioning" "tf_state" {
      + bucket = (known after apply)
      + id     = (known after apply)

      + versioning_configuration {
          + mfa_delete = (known after apply)
          + status     = "Enabled"
        }
    }

  # aws_security_group.runner will be created
  + resource "aws_security_group" "runner" {
      + arn                    = (known after apply)
      + description            = "No inbound; allow all egress (via NAT)"
      + egress                 = [
          + {
              + cidr_blocks      = [
                  + "0.0.0.0/0",
                ]
              + description      = "Allow all egress"
              + from_port        = 0
              + ipv6_cidr_blocks = []
              + prefix_list_ids  = []
              + protocol         = "-1"
              + security_groups  = []
              + self             = false
              + to_port          = 0
            },
        ]
      + id                     = (known after apply)
      + ingress                = [
          + {
              + cidr_blocks      = []
              + description      = "No inbound"
              + from_port        = 0
              + ipv6_cidr_blocks = []
              + prefix_list_ids  = []
              + protocol         = "-1"
              + security_groups  = []
              + self             = false
              + to_port          = 0
            },
        ]
      + name                   = "custom-alpine-terraform-dev-runner-sg"
      + name_prefix            = (known after apply)
      + owner_id               = (known after apply)
      + revoke_rules_on_delete = false
      + tags_all               = {
          + "Environment" = "dev"
          + "ManagedBy"   = "terraform"
          + "Project"     = "custom-alpine-terraform"
        }
      + vpc_id                 = (known after apply)
    }

  # aws_subnet.private["0"] will be created
  + resource "aws_subnet" "private" {
      + arn                                            = (known after apply)
      + assign_ipv6_address_on_creation                = false
      + availability_zone                              = "us-east-1a"
      + availability_zone_id                           = (known after apply)
      + cidr_block                                     = "10.20.100.0/24"
      + enable_dns64                                   = false
      + enable_resource_name_dns_a_record_on_launch    = false
      + enable_resource_name_dns_aaaa_record_on_launch = false
      + id                                             = (known after apply)
      + ipv6_cidr_block_association_id                 = (known after apply)
      + ipv6_native                                    = false
      + map_public_ip_on_launch                        = false
      + owner_id                                       = (known after apply)
      + private_dns_hostname_type_on_launch            = (known after apply)
      + tags_all                                       = {
          + "Environment" = "dev"
          + "ManagedBy"   = "terraform"
          + "Project"     = "custom-alpine-terraform"
        }
      + vpc_id                                         = (known after apply)
    }

  # aws_subnet.private["1"] will be created
  + resource "aws_subnet" "private" {
      + arn                                            = (known after apply)
      + assign_ipv6_address_on_creation                = false
      + availability_zone                              = "us-east-1b"
      + availability_zone_id                           = (known after apply)
      + cidr_block                                     = "10.20.101.0/24"
      + enable_dns64                                   = false
      + enable_resource_name_dns_a_record_on_launch    = false
      + enable_resource_name_dns_aaaa_record_on_launch = false
      + id                                             = (known after apply)
      + ipv6_cidr_block_association_id                 = (known after apply)
      + ipv6_native                                    = false
      + map_public_ip_on_launch                        = false
      + owner_id                                       = (known after apply)
      + private_dns_hostname_type_on_launch            = (known after apply)
      + tags_all                                       = {
          + "Environment" = "dev"
          + "ManagedBy"   = "terraform"
          + "Project"     = "custom-alpine-terraform"
        }
      + vpc_id                                         = (known after apply)
    }

  # aws_subnet.public["0"] will be created
  + resource "aws_subnet" "public" {
      + arn                                            = (known after apply)
      + assign_ipv6_address_on_creation                = false
      + availability_zone                              = "us-east-1a"
      + availability_zone_id                           = (known after apply)
      + cidr_block                                     = "10.20.0.0/24"
      + enable_dns64                                   = false
      + enable_resource_name_dns_a_record_on_launch    = false
      + enable_resource_name_dns_aaaa_record_on_launch = false
      + id                                             = (known after apply)
      + ipv6_cidr_block_association_id                 = (known after apply)
      + ipv6_native                                    = false
      + map_public_ip_on_launch                        = true
      + owner_id                                       = (known after apply)
      + private_dns_hostname_type_on_launch            = (known after apply)
      + tags_all                                       = {
          + "Environment" = "dev"
          + "ManagedBy"   = "terraform"
          + "Project"     = "custom-alpine-terraform"
        }
      + vpc_id                                         = (known after apply)
    }

  # aws_subnet.public["1"] will be created
  + resource "aws_subnet" "public" {
      + arn                                            = (known after apply)
      + assign_ipv6_address_on_creation                = false
      + availability_zone                              = "us-east-1b"
      + availability_zone_id                           = (known after apply)
      + cidr_block                                     = "10.20.1.0/24"
      + enable_dns64                                   = false
      + enable_resource_name_dns_a_record_on_launch    = false
      + enable_resource_name_dns_aaaa_record_on_launch = false
      + id                                             = (known after apply)
      + ipv6_cidr_block_association_id                 = (known after apply)
      + ipv6_native                                    = false
      + map_public_ip_on_launch                        = true
      + owner_id                                       = (known after apply)
      + private_dns_hostname_type_on_launch            = (known after apply)
      + tags_all                                       = {
          + "Environment" = "dev"
          + "ManagedBy"   = "terraform"
          + "Project"     = "custom-alpine-terraform"
        }
      + vpc_id                                         = (known after apply)
    }

  # aws_vpc.main will be created
  + resource "aws_vpc" "main" {
      + arn                                  = (known after apply)
      + cidr_block                           = "10.20.0.0/16"
      + default_network_acl_id               = (known after apply)
      + default_route_table_id               = (known after apply)
      + default_security_group_id            = (known after apply)
      + dhcp_options_id                      = (known after apply)
      + enable_dns_hostnames                 = true
      + enable_dns_support                   = true
      + enable_network_address_usage_metrics = (known after apply)
      + id                                   = (known after apply)
      + instance_tenancy                     = "default"
      + ipv6_association_id                  = (known after apply)
      + ipv6_cidr_block                      = (known after apply)
      + ipv6_cidr_block_network_border_group = (known after apply)
      + main_route_table_id                  = (known after apply)
      + owner_id                             = (known after apply)
      + tags_all                             = {
          + "Environment" = "dev"
          + "ManagedBy"   = "terraform"
          + "Project"     = "custom-alpine-terraform"
        }
    }

Plan: 41 to add, 0 to change, 0 to destroy.

Changes to Outputs:
  + ecr_repository_url      = (known after apply)
  + ecs_cluster_arn         = (known after apply)
  + ecs_task_definition_arn = (known after apply)
  + github_actions_role_arn = (known after apply)
  + lambda_trigger_name     = "custom-alpine-terraform-dev-ecs-trigger"
  + tf_lock_table           = "custom-alpine-terraform-dev-tf-lock"
  + tf_state_bucket         = "custom-alpine-terraform-dev-tf-state-000000000000-us-east-1"
aws_ecr_repository.tooling: Creating...
aws_iam_role.ecs_task: Creating...
aws_iam_openid_connect_provider.github: Creating...
aws_iam_role.ecs_task_execution: Creating...
aws_kms_key.tf_state: Creating...
aws_eip.nat[0]: Creating...
aws_vpc.main: Creating...
aws_cloudwatch_log_group.runner: Creating...
aws_ecs_cluster.runner: Creating...
aws_s3_bucket.tf_state: Creating...
aws_eip.nat[0]: Creation complete after 0s [id=eipalloc-aa93fba9a9282e75a]
aws_iam_role.lambda: Creating...
aws_iam_role.ecs_task: Creation complete after 2s [id=custom-alpine-terraform-dev-ecs-task]
aws_iam_openid_connect_provider.github: Creation complete after 2s [id=arn:aws:iam::000000000000:oidc-provider/token.actions.githubusercontent.com]
aws_iam_role.ecs_task_execution: Creation complete after 2s [id=custom-alpine-terraform-dev-ecs-task-exec]
aws_iam_role.lambda: Creation complete after 2s [id=custom-alpine-terraform-dev-trigger-lambda]
data.aws_iam_policy_document.github_assume_role: Reading...
aws_iam_role_policy_attachment.ecs_task_execution: Creating...
aws_iam_role_policy_attachment.lambda_basic: Creating...
data.aws_iam_policy_document.github_assume_role: Read complete after 0s [id=83662662]
aws_iam_role_policy_attachment.lambda_basic: Creation complete after 0s [id=custom-alpine-terraform-dev-trigger-lambda-20260127195022979900000001]
aws_iam_role.github_actions: Creating...
aws_iam_role_policy_attachment.ecs_task_execution: Creation complete after 0s [id=custom-alpine-terraform-dev-ecs-task-exec-20260127195022980000000002]
aws_iam_role.github_actions: Creation complete after 0s [id=custom-alpine-terraform-dev-github-actions-ecr]
aws_cloudwatch_log_group.runner: Creation complete after 2s [id=/ecs/custom-alpine-terraform-dev-runner]
aws_ecr_repository.tooling: Creation complete after 5s [id=custom-alpine-terraform]
data.aws_iam_policy_document.github_ecr: Reading...
aws_ecr_lifecycle_policy.tooling: Creating...
data.aws_iam_policy_document.github_ecr: Read complete after 0s [id=554664936]
aws_ecs_task_definition.runner: Creating...
aws_iam_role_policy.github_ecr: Creating...
aws_ecr_lifecycle_policy.tooling: Creation complete after 0s [id=custom-alpine-terraform]
aws_ecs_task_definition.runner: Creation complete after 0s [id=custom-alpine-terraform-dev-runner]
aws_iam_role_policy.github_ecr: Creation complete after 0s [id=custom-alpine-terraform-dev-github-actions-ecr:custom-alpine-terraform-dev-github-ecr]
data.aws_iam_policy_document.lambda_run_task: Reading...
data.aws_iam_policy_document.lambda_run_task: Read complete after 0s [id=2565587569]
aws_iam_role_policy.lambda_run_task: Creating...
aws_iam_role_policy.lambda_run_task: Creation complete after 0s [id=custom-alpine-terraform-dev-trigger-lambda:custom-alpine-terraform-dev-lambda-run-task]
aws_kms_key.tf_state: Creation complete after 10s [id=1615c0bf-2406-41c8-b298-2fd8864b03e1]
aws_kms_alias.tf_state: Creating...
aws_dynamodb_table.tf_lock: Creating...
aws_kms_alias.tf_state: Creation complete after 0s [id=alias/custom-alpine-terraform-dev-tf-state]
aws_vpc.main: Still creating... [00m10s elapsed]
aws_ecs_cluster.runner: Still creating... [00m10s elapsed]
aws_s3_bucket.tf_state: Still creating... [00m10s elapsed]
aws_vpc.main: Creation complete after 10s [id=vpc-cb853ef4a24c26e40]
aws_route_table.public: Creating...
aws_route_table.private: Creating...
aws_subnet.private["0"]: Creating...
aws_subnet.private["1"]: Creating...
aws_subnet.public["1"]: Creating...
aws_internet_gateway.igw: Creating...
aws_security_group.runner: Creating...
aws_subnet.private["1"]: Creation complete after 0s [id=subnet-db41b7e90e602ba30]
aws_internet_gateway.igw: Creation complete after 0s [id=igw-5dc35739f9460afff]
aws_subnet.private["0"]: Creation complete after 0s [id=subnet-031444e996177990b]
aws_subnet.public["0"]: Creating...
aws_route_table.public: Creation complete after 1s [id=rtb-3d6125295258afd0f]
aws_route_table.private: Creation complete after 1s [id=rtb-9bb64ceac18b6bc4d]
aws_route_table_association.private["0"]: Creating...
aws_route.public_internet: Creating...
aws_route_table_association.private["1"]: Creating...
aws_route_table_association.private["0"]: Creation complete after 0s [id=rtbassoc-1cc9d7d36fa103c75]
aws_route_table_association.private["1"]: Creation complete after 0s [id=rtbassoc-55fe50f30ea778ac9]
aws_security_group.runner: Creation complete after 1s [id=sg-e74b1775c46f966d5]
aws_route.public_internet: Creation complete after 0s [id=r-rtb-3d6125295258afd0f1080289494]
aws_ecs_cluster.runner: Creation complete after 12s [id=arn:aws:ecs:us-east-1:000000000000:cluster/custom-alpine-terraform-dev-cluster]
aws_lambda_function.trigger: Creating...
aws_dynamodb_table.tf_lock: Creation complete after 2s [id=custom-alpine-terraform-dev-tf-lock]
aws_lambda_function.trigger: Creation complete after 6s [id=custom-alpine-terraform-dev-ecs-trigger]
aws_s3_bucket.tf_state: Still creating... [00m20s elapsed]
aws_subnet.public["1"]: Still creating... [00m10s elapsed]
aws_subnet.public["0"]: Still creating... [00m10s elapsed]
aws_subnet.public["1"]: Creation complete after 11s [id=subnet-70d633aaa3eeac623]
aws_subnet.public["0"]: Creation complete after 10s [id=subnet-d793ef36bdb38f169]
aws_route_table_association.public["0"]: Creating...
aws_route_table_association.public["1"]: Creating...
aws_nat_gateway.nat[0]: Creating...
aws_route_table_association.public["1"]: Creation complete after 0s [id=rtbassoc-6fd96b8ad54755cfa]
aws_route_table_association.public["0"]: Creation complete after 0s [id=rtbassoc-25356d7578936fe00]
aws_nat_gateway.nat[0]: Creation complete after 0s [id=nat-fc4cefe10792c364f]
aws_route.private_egress[0]: Creating...
aws_route.private_egress[0]: Creation complete after 0s [id=r-rtb-9bb64ceac18b6bc4d1080289494]
aws_s3_bucket.tf_state: Still creating... [00m30s elapsed]
aws_s3_bucket.tf_state: Still creating... [00m40s elapsed]
aws_s3_bucket.tf_state: Still creating... [00m50s elapsed]
aws_s3_bucket.tf_state: Still creating... [01m00s elapsed]
aws_s3_bucket.tf_state: Still creating... [01m10s elapsed]
aws_s3_bucket.tf_state: Still creating... [01m20s elapsed]
aws_s3_bucket.tf_state: Still creating... [01m30s elapsed]
aws_s3_bucket.tf_state: Still creating... [01m40s elapsed]
aws_s3_bucket.tf_state: Still creating... [01m50s elapsed]
aws_s3_bucket.tf_state: Still creating... [02m00s elapsed]
aws_s3_bucket.tf_state: Still creating... [02m10s elapsed]
aws_s3_bucket.tf_state: Still creating... [02m20s elapsed]
aws_s3_bucket.tf_state: Still creating... [02m30s elapsed]
aws_s3_bucket.tf_state: Still creating... [02m40s elapsed]
aws_s3_bucket.tf_state: Still creating... [02m50s elapsed]
