{"format_version":"1.2","terraform_version":"1.13.5","variables":{"aws_region":{"value":"us-east-1"},"az_count":{"value":2},"ecr_image_tag":{"value":"latest"},"ecr_lifecycle_keep_last":{"value":30},"ecr_repository_name":{"value":"custom-alpine-terraform"},"enable_eventbridge_schedule":{"value":false},"enable_nat_gateway":{"value":true},"environment":{"value":"dev"},"eventbridge_schedule_expression":{"value":"rate(1 day)"},"github_branch":{"value":"main"},"github_org":{"value":"ai-tf"},"github_repo":{"value":"ai-tf"},"project_name":{"value":"custom-alpine-terraform"},"runner_command":{"value":["tail","-f","/dev/null"]},"runner_cpu":{"value":256},"runner_memory":{"value":512},"state_bucket_name":{"value":null},"tags":{"value":{}},"vpc_cidr":{"value":"10.20.0.0/16"}},"planned_values":{"outputs":{"ecr_repository_url":{"sensitive":false},"ecs_cluster_arn":{"sensitive":false},"ecs_task_definition_arn":{"sensitive":false},"github_actions_role_arn":{"sensitive":false},"lambda_trigger_name":{"sensitive":false,"type":"string","value":"custom-alpine-terraform-dev-ecs-trigger"},"tf_lock_table":{"sensitive":false,"type":"string","value":"custom-alpine-terraform-dev-tf-lock"},"tf_state_bucket":{"sensitive":false,"type":"string","value":"custom-alpine-terraform-dev-tf-state-000000000000-us-east-1"}},"root_module":{"resources":[{"address":"aws_cloudwatch_log_group.runner","mode":"managed","type":"aws_cloudwatch_log_group","name":"runner","provider_name":"registry.terraform.io/hashicorp/aws","schema_version":0,"values":{"kms_key_id":null,"name":"/ecs/custom-alpine-terraform-dev-runner","retention_in_days":30,"skip_destroy":false,"tags":null,"tags_all":{"Environment":"dev","ManagedBy":"terraform","Project":"custom-alpine-terraform"}},"sensitive_values":{"tags_all":{}}},{"address":"aws_dynamodb_table.tf_lock","mode":"managed","type":"aws_dynamodb_table","name":"tf_lock","provider_name":"registry.terraform.io/hashicorp/aws","schema_version":1,"values":{"attribute":[{"name":"LockID","type":"S"}],"billing_mode":"PAY_PER_REQUEST","deletion_protection_enabled":null,"global_secondary_index":[],"hash_key":"LockID","import_table":[],"local_secondary_index":[],"name":"custom-alpine-terraform-dev-tf-lock","on_demand_throughput":[],"range_key":null,"replica":[],"restore_date_time":null,"restore_source_name":null,"restore_source_table_arn":null,"restore_to_latest_time":null,"server_side_encryption":[{"enabled":true}],"stream_enabled":null,"table_class":null,"tags":null,"tags_all":{"Environment":"dev","ManagedBy":"terraform","Project":"custom-alpine-terraform"},"timeouts":null},"sensitive_values":{"attribute":[{}],"global_secondary_index":[],"import_table":[],"local_secondary_index":[],"on_demand_throughput":[],"point_in_time_recovery":[],"replica":[],"server_side_encryption":[{}],"tags_all":{},"ttl":[]}},{"address":"aws_ecr_lifecycle_policy.tooling","mode":"managed","type":"aws_ecr_lifecycle_policy","name":"tooling","provider_name":"registry.terraform.io/hashicorp/aws","schema_version":0,"values":{"policy":"{\"rules\":[{\"action\":{\"type\":\"expire\"},\"description\":\"Keep last 30 images\",\"rulePriority\":1,\"selection\":{\"countNumber\":30,\"countType\":\"imageCountMoreThan\",\"tagStatus\":\"any\"}}]}","repository":"custom-alpine-terraform"},"sensitive_values":{}},{"address":"aws_ecr_repository.tooling","mode":"managed","type":"aws_ecr_repository","name":"tooling","provider_name":"registry.terraform.io/hashicorp/aws","schema_version":0,"values":{"encryption_configuration":[{"encryption_type":"AES256"}],"force_delete":null,"image_scanning_configuration":[{"scan_on_push":true}],"image_tag_mutability":"MUTABLE","name":"custom-alpine-terraform","tags":null,"tags_all":{"Environment":"dev","ManagedBy":"terraform","Project":"custom-alpine-terraform"},"timeouts":null},"sensitive_values":{"encryption_configuration":[{}],"image_scanning_configuration":[{}],"tags_all":{}}},{"address":"aws_ecs_cluster.runner","mode":"managed","type":"aws_ecs_cluster","name":"runner","provider_name":"registry.terraform.io/hashicorp/aws","schema_version":0,"values":{"configuration":[],"name":"custom-alpine-terraform-dev-cluster","service_connect_defaults":[],"tags":null,"tags_all":{"Environment":"dev","ManagedBy":"terraform","Project":"custom-alpine-terraform"}},"sensitive_values":{"configuration":[],"service_connect_defaults":[],"setting":[],"tags_all":{}}},{"address":"aws_ecs_task_definition.runner","mode":"managed","type":"aws_ecs_task_definition","name":"runner","provider_name":"registry.terraform.io/hashicorp/aws","schema_version":1,"values":{"cpu":"256","ephemeral_storage":[],"family":"custom-alpine-terraform-dev-runner","inference_accelerator":[],"ipc_mode":null,"memory":"512","network_mode":"awsvpc","pid_mode":null,"placement_constraints":[],"proxy_configuration":[],"requires_compatibilities":["FARGATE"],"runtime_platform":[],"skip_destroy":false,"tags":null,"tags_all":{"Environment":"dev","ManagedBy":"terraform","Project":"custom-alpine-terraform"},"track_latest":false,"volume":[]},"sensitive_values":{"ephemeral_storage":[],"inference_accelerator":[],"placement_constraints":[],"proxy_configuration":[],"requires_compatibilities":[false],"runtime_platform":[],"tags_all":{},"volume":[]}},{"address":"aws_eip.nat[0]","mode":"managed","type":"aws_eip","name":"nat","index":0,"provider_name":"registry.terraform.io/hashicorp/aws","schema_version":0,"values":{"address":null,"associate_with_private_ip":null,"customer_owned_ipv4_pool":null,"domain":"vpc","tags":null,"tags_all":{"Environment":"dev","ManagedBy":"terraform","Project":"custom-alpine-terraform"},"timeouts":null},"sensitive_values":{"tags_all":{}}},{"address":"aws_iam_openid_connect_provider.github","mode":"managed","type":"aws_iam_openid_connect_provider","name":"github","provider_name":"registry.terraform.io/hashicorp/aws","schema_version":0,"values":{"client_id_list":["sts.amazonaws.com"],"tags":null,"tags_all":{"Environment":"dev","ManagedBy":"terraform","Project":"custom-alpine-terraform"},"thumbprint_list":["6938fd4d98bab03faadb97b34396831e3780aea1"],"url":"https://token.actions.githubusercontent.com"},"sensitive_values":{"client_id_list":[false],"tags_all":{},"thumbprint_list":[false]}},{"address":"aws_iam_role.ecs_task","mode":"managed","type":"aws_iam_role","name":"ecs_task","provider_name":"registry.terraform.io/hashicorp/aws","schema_version":0,"values":{"assume_role_policy":"{\"Statement\":[{\"Action\":\"sts:AssumeRole\",\"Effect\":\"Allow\",\"Principal\":{\"Service\":\"ecs-tasks.amazonaws.com\"}}],\"Version\":\"2012-10-17\"}","description":null,"force_detach_policies":false,"max_session_duration":3600,"name":"custom-alpine-terraform-dev-ecs-task","path":"/","permissions_boundary":null,"tags":null,"tags_all":{"Environment":"dev","ManagedBy":"terraform","Project":"custom-alpine-terraform"}},"sensitive_values":{"inline_policy":[],"managed_policy_arns":[],"tags_all":{}}},{"address":"aws_iam_role.ecs_task_execution","mode":"managed","type":"aws_iam_role","name":"ecs_task_execution","provider_name":"registry.terraform.io/hashicorp/aws","schema_version":0,"values":{"assume_role_policy":"{\"Statement\":[{\"Action\":\"sts:AssumeRole\",\"Effect\":\"Allow\",\"Principal\":{\"Service\":\"ecs-tasks.amazonaws.com\"}}],\"Version\":\"2012-10-17\"}","description":null,"force_detach_policies":false,"max_session_duration":3600,"name":"custom-alpine-terraform-dev-ecs-task-exec","path":"/","permissions_boundary":null,"tags":null,"tags_all":{"Environment":"dev","ManagedBy":"terraform","Project":"custom-alpine-terraform"}},"sensitive_values":{"inline_policy":[],"managed_policy_arns":[],"tags_all":{}}},{"address":"aws_iam_role.github_actions","mode":"managed","type":"aws_iam_role","name":"github_actions","provider_name":"registry.terraform.io/hashicorp/aws","schema_version":0,"values":{"description":null,"force_detach_policies":false,"max_session_duration":3600,"name":"custom-alpine-terraform-dev-github-actions-ecr","path":"/","permissions_boundary":null,"tags":null,"tags_all":{"Environment":"dev","ManagedBy":"terraform","Project":"custom-alpine-terraform"}},"sensitive_values":{"inline_policy":[],"managed_policy_arns":[],"tags_all":{}}},{"address":"aws_iam_role.lambda","mode":"managed","type":"aws_iam_role","name":"lambda","provider_name":"registry.terraform.io/hashicorp/aws","schema_version":0,"values":{"assume_role_policy":"{\"Statement\":[{\"Action\":\"sts:AssumeRole\",\"Effect\":\"Allow\",\"Principal\":{\"Service\":\"lambda.amazonaws.com\"}}],\"Version\":\"2012-10-17\"}","description":null,"force_detach_policies":false,"max_session_duration":3600,"name":"custom-alpine-terraform-dev-trigger-lambda","path":"/","permissions_boundary":null,"tags":null,"tags_all":{"Environment":"dev","ManagedBy":"terraform","Project":"custom-alpine-terraform"}},"sensitive_values":{"inline_policy":[],"managed_policy_arns":[],"tags_all":{}}},{"address":"aws_iam_role_policy.github_ecr","mode":"managed","type":"aws_iam_role_policy","name":"github_ecr","provider_name":"registry.terraform.io/hashicorp/aws","schema_version":0,"values":{"name":"custom-alpine-terraform-dev-github-ecr"},"sensitive_values":{}},{"address":"aws_iam_role_policy.lambda_run_task","mode":"managed","type":"aws_iam_role_policy","name":"lambda_run_task","provider_name":"registry.terraform.io/hashicorp/aws","schema_version":0,"values":{"name":"custom-alpine-terraform-dev-lambda-run-task"},"sensitive_values":{}},{"address":"aws_iam_role_policy.task_state_access","mode":"managed","type":"aws_iam_role_policy","name":"task_state_access","provider_name":"registry.terraform.io/hashicorp/aws","schema_version":0,"values":{"name":"custom-alpine-terraform-dev-task-state-access"},"sensitive_values":{}},{"address":"aws_iam_role_policy_attachment.ecs_task_execution","mode":"managed","type":"aws_iam_role_policy_attachment","name":"ecs_task_execution","provider_name":"registry.terraform.io/hashicorp/aws","schema_version":0,"values":{"policy_arn":"arn:aws:iam::aws:policy/service-role/AmazonECSTaskExecutionRolePolicy","role":"custom-alpine-terraform-dev-ecs-task-exec"},"sensitive_values":{}},{"address":"aws_iam_role_policy_attachment.lambda_basic","mode":"managed","type":"aws_iam_role_policy_attachment","name":"lambda_basic","provider_name":"registry.terraform.io/hashicorp/aws","schema_version":0,"values":{"policy_arn":"arn:aws:iam::aws:policy/service-role/AWSLambdaBasicExecutionRole","role":"custom-alpine-terraform-dev-trigger-lambda"},"sensitive_values":{}},{"address":"aws_internet_gateway.igw","mode":"managed","type":"aws_internet_gateway","name":"igw","provider_name":"registry.terraform.io/hashicorp/aws","schema_version":0,"values":{"tags":null,"tags_all":{"Environment":"dev","ManagedBy":"terraform","Project":"custom-alpine-terraform"},"timeouts":null},"sensitive_values":{"tags_all":{}}},{"address":"aws_kms_alias.tf_state","mode":"managed","type":"aws_kms_alias","name":"tf_state","provider_name":"registry.terraform.io/hashicorp/aws","schema_version":0,"values":{"name":"alias/custom-alpine-terraform-dev-tf-state"},"sensitive_values":{}},{"address":"aws_kms_key.tf_state","mode":"managed","type":"aws_kms_key","name":"tf_state","provider_name":"registry.terraform.io/hashicorp/aws","schema_version":0,"values":{"bypass_policy_lockout_safety_check":false,"custom_key_store_id":null,"customer_master_key_spec":"SYMMETRIC_DEFAULT","deletion_window_in_days":30,"description":"KMS key for Terraform remote state encryption","enable_key_rotation":true,"is_enabled":true,"key_usage":"ENCRYPT_DECRYPT","tags":null,"tags_all":{"Environment":"dev","ManagedBy":"terraform","Project":"custom-alpine-terraform"},"timeouts":null,"xks_key_id":null},"sensitive_values":{"tags_all":{}}},{"address":"aws_lambda_function.trigger","mode":"managed","type":"aws_lambda_function","name":"trigger","provider_name":"registry.terraform.io/hashicorp/aws","schema_version":0,"values":{"code_signing_config_arn":null,"dead_letter_config":[],"description":null,"environment":[{}],"file_system_config":[],"filename":"./.build/trigger.zip","function_name":"custom-alpine-terraform-dev-ecs-trigger","handler":"lambda_function.handler","image_config":[],"image_uri":null,"kms_key_arn":null,"layers":null,"memory_size":128,"package_type":"Zip","publish":false,"replace_security_groups_on_destroy":null,"replacement_security_group_ids":null,"reserved_concurrent_executions":-1,"runtime":"python3.12","s3_bucket":null,"s3_key":null,"s3_object_version":null,"skip_destroy":false,"snap_start":[],"source_code_hash":"rYLbT/SpDYFejSxihyrb3chk5kVdY2+K9jHfTbcKP5I=","tags":null,"tags_all":{"Environment":"dev","ManagedBy":"terraform","Project":"custom-alpine-terraform"},"timeout":30,"timeouts":null,"vpc_config":[]},"sensitive_values":{"architectures":[],"dead_letter_config":[],"environment":[{"variables":{}}],"ephemeral_storage":[],"file_system_config":[],"image_config":[],"logging_config":[],"snap_start":[],"tags_all":{},"tracing_config":[],"vpc_config":[]}},{"address":"aws_nat_gateway.nat[0]","mode":"managed","type":"aws_nat_gateway","name":"nat","index":0,"provider_name":"registry.terraform.io/hashicorp/aws","schema_version":0,"values":{"connectivity_type":"public","secondary_allocation_ids":null,"tags":null,"tags_all":{"Environment":"dev","ManagedBy":"terraform","Project":"custom-alpine-terraform"},"timeouts":null},"sensitive_values":{"secondary_private_ip_addresses":[],"tags_all":{}}},{"address":"aws_route.private_egress[0]","mode":"managed","type":"aws_route","name":"private_egress","index":0,"provider_name":"registry.terraform.io/hashicorp/aws","schema_version":0,"values":{"carrier_gateway_id":null,"core_network_arn":null,"destination_cidr_block":"0.0.0.0/0","destination_ipv6_cidr_block":null,"destination_prefix_list_id":null,"egress_only_gateway_id":null,"gateway_id":null,"local_gateway_id":null,"timeouts":null,"transit_gateway_id":null,"vpc_endpoint_id":null,"vpc_peering_connection_id":null},"sensitive_values":{}},{"address":"aws_route.public_internet","mode":"managed","type":"aws_route","name":"public_internet","provider_name":"registry.terraform.io/hashicorp/aws","schema_version":0,"values":{"carrier_gateway_id":null,"core_network_arn":null,"destination_cidr_block":"0.0.0.0/0","destination_ipv6_cidr_block":null,"destination_prefix_list_id":null,"egress_only_gateway_id":null,"local_gateway_id":null,"nat_gateway_id":null,"timeouts":null,"transit_gateway_id":null,"vpc_endpoint_id":null,"vpc_peering_connection_id":null},"sensitive_values":{}},{"address":"aws_route_table.private","mode":"managed","type":"aws_route_table","name":"private","provider_name":"registry.terraform.io/hashicorp/aws","schema_version":0,"values":{"tags":null,"tags_all":{"Environment":"dev","ManagedBy":"terraform","Project":"custom-alpine-terraform"},"timeouts":null},"sensitive_values":{"propagating_vgws":[],"route":[],"tags_all":{}}},{"address":"aws_route_table.public","mode":"managed","type":"aws_route_table","name":"public","provider_name":"registry.terraform.io/hashicorp/aws","schema_version":0,"values":{"tags":null,"tags_all":{"Environment":"dev","ManagedBy":"terraform","Project":"custom-alpine-terraform"},"timeouts":null},"sensitive_values":{"propagating_vgws":[],"route":[],"tags_all":{}}},{"address":"aws_route_table_association.private[\"0\"]","mode":"managed","type":"aws_route_table_association","name":"private","index":"0","provider_name":"registry.terraform.io/hashicorp/aws","schema_version":0,"values":{"gateway_id":null,"timeouts":null},"sensitive_values":{}},{"address":"aws_route_table_association.private[\"1\"]","mode":"managed","type":"aws_route_table_association","name":"private","index":"1","provider_name":"registry.terraform.io/hashicorp/aws","schema_version":0,"values":{"gateway_id":null,"timeouts":null},"sensitive_values":{}},{"address":"aws_route_table_association.public[\"0\"]","mode":"managed","type":"aws_route_table_association","name":"public","index":"0","provider_name":"registry.terraform.io/hashicorp/aws","schema_version":0,"values":{"gateway_id":null,"timeouts":null},"sensitive_values":{}},{"address":"aws_route_table_association.public[\"1\"]","mode":"managed","type":"aws_route_table_association","name":"public","index":"1","provider_name":"registry.terraform.io/hashicorp/aws","schema_version":0,"values":{"gateway_id":null,"timeouts":null},"sensitive_values":{}},{"address":"aws_s3_bucket.tf_state","mode":"managed","type":"aws_s3_bucket","name":"tf_state","provider_name":"registry.terraform.io/hashicorp/aws","schema_version":0,"values":{"bucket":"custom-alpine-terraform-dev-tf-state-000000000000-us-east-1","force_destroy":false,"tags":null,"tags_all":{"Environment":"dev","ManagedBy":"terraform","Project":"custom-alpine-terraform"},"timeouts":null},"sensitive_values":{"cors_rule":[],"grant":[],"lifecycle_rule":[],"logging":[],"object_lock_configuration":[],"replication_configuration":[],"server_side_encryption_configuration":[],"tags_all":{},"versioning":[],"website":[]}},{"address":"aws_s3_bucket_ownership_controls.tf_state","mode":"managed","type":"aws_s3_bucket_ownership_controls","name":"tf_state","provider_name":"registry.terraform.io/hashicorp/aws","schema_version":0,"values":{"rule":[{"object_ownership":"BucketOwnerEnforced"}]},"sensitive_values":{"rule":[{}]}},{"address":"aws_s3_bucket_public_access_block.tf_state","mode":"managed","type":"aws_s3_bucket_public_access_block","name":"tf_state","provider_name":"registry.terraform.io/hashicorp/aws","schema_version":0,"values":{"block_public_acls":true,"block_public_policy":true,"ignore_public_acls":true,"restrict_public_buckets":true},"sensitive_values":{}},{"address":"aws_s3_bucket_server_side_encryption_configuration.tf_state","mode":"managed","type":"aws_s3_bucket_server_side_encryption_configuration","name":"tf_state","provider_name":"registry.terraform.io/hashicorp/aws","schema_version":0,"values":{"expected_bucket_owner":null,"rule":[{"apply_server_side_encryption_by_default":[{"sse_algorithm":"aws:kms"}],"bucket_key_enabled":null}]},"sensitive_values":{"rule":[{"apply_server_side_encryption_by_default":[{}]}]}},{"address":"aws_s3_bucket_versioning.tf_state","mode":"managed","type":"aws_s3_bucket_versioning","name":"tf_state","provider_name":"registry.terraform.io/hashicorp/aws","schema_version":0,"values":{"expected_bucket_owner":null,"mfa":null,"versioning_configuration":[{"status":"Enabled"}]},"sensitive_values":{"versioning_configuration":[{}]}},{"address":"aws_security_group.runner","mode":"managed","type":"aws_security_group","name":"runner","provider_name":"registry.terraform.io/hashicorp/aws","schema_version":1,"values":{"description":"No inbound; allow all egress (via NAT)","egress":[{"cidr_blocks":["0.0.0.0/0"],"description":"Allow all egress","from_port":0,"ipv6_cidr_blocks":[],"prefix_list_ids":[],"protocol":"-1","security_groups":[],"self":false,"to_port":0}],"ingress":[{"cidr_blocks":[],"description":"No inbound","from_port":0,"ipv6_cidr_blocks":[],"prefix_list_ids":[],"protocol":"-1","security_groups":[],"self":false,"to_port":0}],"name":"custom-alpine-terraform-dev-runner-sg","revoke_rules_on_delete":false,"tags":null,"tags_all":{"Environment":"dev","ManagedBy":"terraform","Project":"custom-alpine-terraform"},"timeouts":null},"sensitive_values":{"egress":[{"cidr_blocks":[false],"ipv6_cidr_blocks":[],"prefix_list_ids":[],"security_groups":[]}],"ingress":[{"cidr_blocks":[],"ipv6_cidr_blocks":[],"prefix_list_ids":[],"security_groups":[]}],"tags_all":{}}},{"address":"aws_subnet.private[\"0\"]","mode":"managed","type":"aws_subnet","name":"private","index":"0","provider_name":"registry.terraform.io/hashicorp/aws","schema_version":1,"values":{"assign_ipv6_address_on_creation":false,"availability_zone":"us-east-1a","cidr_block":"10.20.100.0/24","customer_owned_ipv4_pool":null,"enable_dns64":false,"enable_lni_at_device_index":null,"enable_resource_name_dns_a_record_on_launch":false,"enable_resource_name_dns_aaaa_record_on_launch":false,"ipv6_cidr_block":null,"ipv6_native":false,"map_customer_owned_ip_on_launch":null,"map_public_ip_on_launch":false,"outpost_arn":null,"tags":null,"tags_all":{"Environment":"dev","ManagedBy":"terraform","Project":"custom-alpine-terraform"},"timeouts":null},"sensitive_values":{"tags_all":{}}},{"address":"aws_subnet.private[\"1\"]","mode":"managed","type":"aws_subnet","name":"private","index":"1","provider_name":"registry.terraform.io/hashicorp/aws","schema_version":1,"values":{"assign_ipv6_address_on_creation":false,"availability_zone":"us-east-1b","cidr_block":"10.20.101.0/24","customer_owned_ipv4_pool":null,"enable_dns64":false,"enable_lni_at_device_index":null,"enable_resource_name_dns_a_record_on_launch":false,"enable_resource_name_dns_aaaa_record_on_launch":false,"ipv6_cidr_block":null,"ipv6_native":false,"map_customer_owned_ip_on_launch":null,"map_public_ip_on_launch":false,"outpost_arn":null,"tags":null,"tags_all":{"Environment":"dev","ManagedBy":"terraform","Project":"custom-alpine-terraform"},"timeouts":null},"sensitive_values":{"tags_all":{}}},{"address":"aws_subnet.public[\"0\"]","mode":"managed","type":"aws_subnet","name":"public","index":"0","provider_name":"registry.terraform.io/hashicorp/aws","schema_version":1,"values":{"assign_ipv6_address_on_creation":false,"availability_zone":"us-east-1a","cidr_block":"10.20.0.0/24","customer_owned_ipv4_pool":null,"enable_dns64":false,"enable_lni_at_device_index":null,"enable_resource_name_dns_a_record_on_launch":false,"enable_resource_name_dns_aaaa_record_on_launch":false,"ipv6_cidr_block":null,"ipv6_native":false,"map_customer_owned_ip_on_launch":null,"map_public_ip_on_launch":true,"outpost_arn":null,"tags":null,"tags_all":{"Environment":"dev","ManagedBy":"terraform","Project":"custom-alpine-terraform"},"timeouts":null},"sensitive_values":{"tags_all":{}}},{"address":"aws_subnet.public[\"1\"]","mode":"managed","type":"aws_subnet","name":"public","index":"1","provider_name":"registry.terraform.io/hashicorp/aws","schema_version":1,"values":{"assign_ipv6_address_on_creation":false,"availability_zone":"us-east-1b","cidr_block":"10.20.1.0/24","customer_owned_ipv4_pool":null,"enable_dns64":false,"enable_lni_at_device_index":null,"enable_resource_name_dns_a_record_on_launch":false,"enable_resource_name_dns_aaaa_record_on_launch":false,"ipv6_cidr_block":null,"ipv6_native":false,"map_customer_owned_ip_on_launch":null,"map_public_ip_on_launch":true,"outpost_arn":null,"tags":null,"tags_all":{"Environment":"dev","ManagedBy":"terraform","Project":"custom-alpine-terraform"},"timeouts":null},"sensitive_values":{"tags_all":{}}},{"address":"aws_vpc.main","mode":"managed","type":"aws_vpc","name":"main","provider_name":"registry.terraform.io/hashicorp/aws","schema_version":1,"values":{"assign_generated_ipv6_cidr_block":null,"cidr_block":"10.20.0.0/16","enable_dns_hostnames":true,"enable_dns_support":true,"instance_tenancy":"default","ipv4_ipam_pool_id":null,"ipv4_netmask_length":null,"ipv6_ipam_pool_id":null,"ipv6_netmask_length":null,"tags":null,"tags_all":{"Environment":"dev","ManagedBy":"terraform","Project":"custom-alpine-terraform"}},"sensitive_values":{"tags_all":{}}},{"address":"data.aws_iam_policy_document.github_assume_role","mode":"data","type":"aws_iam_policy_document","name":"github_assume_role","provider_name":"registry.terraform.io/hashicorp/aws","schema_version":0,"values":{"override_json":null,"override_policy_documents":null,"policy_id":null,"source_json":null,"source_policy_documents":null,"statement":[{"actions":["sts:AssumeRoleWithWebIdentity"],"condition":[{"test":"StringEquals","values":["sts.amazonaws.com"],"variable":"token.actions.githubusercontent.com:aud"},{"test":"StringLike","values":["repo:ai-tf/ai-tf:ref:refs/heads/main"],"variable":"token.actions.githubusercontent.com:sub"}],"effect":"Allow","not_actions":null,"not_principals":[],"not_resources":null,"principals":[{"identifiers":[null],"type":"Federated"}],"resources":null,"sid":null}],"version":null},"sensitive_values":{"statement":[{"actions":[false],"condition":[{"values":[false]},{"values":[false]}],"not_principals":[],"principals":[{"identifiers":[false]}]}]}},{"address":"data.aws_iam_policy_document.github_ecr","mode":"data","type":"aws_iam_policy_document","name":"github_ecr","provider_name":"registry.terraform.io/hashicorp/aws","schema_version":0,"values":{"override_json":null,"override_policy_documents":null,"policy_id":null,"source_json":null,"source_policy_documents":null,"statement":[{"actions":["ecr:GetAuthorizationToken"],"condition":[],"effect":"Allow","not_actions":null,"not_principals":[],"not_resources":null,"principals":[],"resources":["*"],"sid":"EcrAuth"},{"actions":["ecr:BatchCheckLayerAvailability","ecr:BatchGetImage","ecr:CompleteLayerUpload","ecr:DescribeImages","ecr:DescribeRepositories","ecr:GetDownloadUrlForLayer","ecr:InitiateLayerUpload","ecr:ListImages","ecr:PutImage","ecr:UploadLayerPart"],"condition":[],"effect":"Allow","not_actions":null,"not_principals":[],"not_resources":null,"principals":[],"resources":[null],"sid":"EcrPushPull"}],"version":null},"sensitive_values":{"statement":[{"actions":[false],"condition":[],"not_principals":[],"principals":[],"resources":[false]},{"actions":[false,false,false,false,false,false,false,false,false,false],"condition":[],"not_principals":[],"principals":[],"resources":[false]}]}},{"address":"data.aws_iam_policy_document.lambda_run_task","mode":"data","type":"aws_iam_policy_document","name":"lambda_run_task","provider_name":"registry.terraform.io/hashicorp/aws","schema_version":0,"values":{"override_json":null,"override_policy_documents":null,"policy_id":null,"source_json":null,"source_policy_documents":null,"statement":[{"actions":["ecs:RunTask"],"condition":[],"effect":"Allow","not_actions":null,"not_principals":[],"not_resources":null,"principals":[],"resources":[null],"sid":null},{"actions":["iam:PassRole"],"condition":[],"effect":"Allow","not_actions":null,"not_principals":[],"not_resources":null,"principals":[],"resources":[null,null],"sid":null}],"version":null},"sensitive_values":{"statement":[{"actions":[false],"condition":[],"not_principals":[],"principals":[],"resources":[false]},{"actions":[false],"condition":[],"not_principals":[],"principals":[],"resources":[false,false]}]}},{"address":"data.aws_iam_policy_document.task_state_access","mode":"data","type":"aws_iam_policy_document","name":"task_state_access","provider_name":"registry.terraform.io/hashicorp/aws","schema_version":0,"values":{"override_json":null,"override_policy_documents":null,"policy_id":null,"source_json":null,"source_policy_documents":null,"statement":[{"actions":["s3:ListBucket"],"condition":[],"effect":"Allow","not_actions":null,"not_principals":[],"not_resources":null,"principals":[],"resources":[null],"sid":null},{"actions":["s3:DeleteObject","s3:GetObject","s3:PutObject"],"condition":[],"effect":"Allow","not_actions":null,"not_principals":[],"not_resources":null,"principals":[],"resources":[null],"sid":null},{"actions":["dynamodb:DeleteItem","dynamodb:DescribeTable","dynamodb:GetItem","dynamodb:PutItem","dynamodb:UpdateItem"],"condition":[],"effect":"Allow","not_actions":null,"not_principals":[],"not_resources":null,"principals":[],"resources":[null],"sid":null},{"actions":["kms:Decrypt","kms:DescribeKey","kms:Encrypt","kms:GenerateDataKey"],"condition":[],"effect":"Allow","not_actions":null,"not_principals":[],"not_resources":null,"principals":[],"resources":[null],"sid":null}],"version":null},"sensitive_values":{"statement":[{"actions":[false],"condition":[],"not_principals":[],"principals":[],"resources":[false]},{"actions":[false,false,false],"condition":[],"not_principals":[],"principals":[],"resources":[false]},{"actions":[false,false,false,false,false],"condition":[],"not_principals":[],"principals":[],"resources":[false]},{"actions":[false,false,false,false],"condition":[],"not_principals":[],"principals":[],"resources":[false]}]}}]}},"resource_changes":[{"address":"data.aws_iam_policy_document.github_assume_role","mode":"data","type":"aws_iam_policy_document","name":"github_assume_role","provider_name":"registry.terraform.io/hashicorp/aws","change":{"actions":["read"],"before":null,"after":{"override_json":null,"override_policy_documents":null,"policy_id":null,"source_json":null,"source_policy_documents":null,"statement":[{"actions":["sts:AssumeRoleWithWebIdentity"],"condition":[{"test":"StringEquals","values":["sts.amazonaws.com"],"variable":"token.actions.githubusercontent.com:aud"},{"test":"StringLike","values":["repo:ai-tf/ai-tf:ref:refs/heads/main"],"variable":"token.actions.githubusercontent.com:sub"}],"effect":"Allow","not_actions":null,"not_principals":[],"not_resources":null,"principals":[{"identifiers":[null],"type":"Federated"}],"resources":null,"sid":null}],"version":null},"after_unknown":{"id":true,"json":true,"minified_json":true,"statement":[{"actions":[false],"condition":[{"values":[false]},{"values":[false]}],"not_principals":[],"principals":[{"identifiers":[true]}]}]},"before_sensitive":false,"after_sensitive":{"statement":[{"actions":[false],"condition":[{"values":[false]},{"values":[false]}],"not_principals":[],"principals":[{"identifiers":[false]}]}]}},"action_reason":"read_because_config_unknown"},{"address":"data.aws_iam_policy_document.github_ecr","mode":"data","type":"aws_iam_policy_document","name":"github_ecr","provider_name":"registry.terraform.io/hashicorp/aws","change":{"actions":["read"],"before":null,"after":{"override_json":null,"override_policy_documents":null,"policy_id":null,"source_json":null,"source_policy_documents":null,"statement":[{"actions":["ecr:GetAuthorizationToken"],"condition":[],"effect":"Allow","not_actions":null,"not_principals":[],"not_resources":null,"principals":[],"resources":["*"],"sid":"EcrAuth"},{"actions":["ecr:BatchCheckLayerAvailability","ecr:BatchGetImage","ecr:CompleteLayerUpload","ecr:DescribeImages","ecr:DescribeRepositories","ecr:GetDownloadUrlForLayer","ecr:InitiateLayerUpload","ecr:ListImages","ecr:PutImage","ecr:UploadLayerPart"],"condition":[],"effect":"Allow","not_actions":null,"not_principals":[],"not_resources":null,"principals":[],"resources":[null],"sid":"EcrPushPull"}],"version":null},"after_unknown":{"id":true,"json":true,"minified_json":true,"statement":[{"actions":[false],"condition":[],"not_principals":[],"principals":[],"resources":[false]},{"actions":[false,false,false,false,false,false,false,false,false,false],"condition":[],"not_principals":[],"principals":[],"resources":[true]}]},"before_sensitive":false,"after_sensitive":{"statement":[{"actions":[false],"condition":[],"not_principals":[],"principals":[],"resources":[false]},{"actions":[false,false,false,false,false,false,false,false,false,false],"condition":[],"not_principals":[],"principals":[],"resources":[false]}]}},"action_reason":"read_because_config_unknown"},{"address":"data.aws_iam_policy_document.lambda_run_task","mode":"data","type":"aws_iam_policy_document","name":"lambda_run_task","provider_name":"registry.terraform.io/hashicorp/aws","change":{"actions":["read"],"before":null,"after":{"override_json":null,"override_policy_documents":null,"policy_id":null,"source_json":null,"source_policy_documents":null,"statement":[{"actions":["ecs:RunTask"],"condition":[],"effect":"Allow","not_actions":null,"not_principals":[],"not_resources":null,"principals":[],"resources":[null],"sid":null},{"actions":["iam:PassRole"],"condition":[],"effect":"Allow","not_actions":null,"not_principals":[],"not_resources":null,"principals":[],"resources":[null,null],"sid":null}],"version":null},"after_unknown":{"id":true,"json":true,"minified_json":true,"statement":[{"actions":[false],"condition":[],"not_principals":[],"principals":[],"resources":[true]},{"actions":[false],"condition":[],"not_principals":[],"principals":[],"resources":[true,true]}]},"before_sensitive":false,"after_sensitive":{"statement":[{"actions":[false],"condition":[],"not_principals":[],"principals":[],"resources":[false]},{"actions":[false],"condition":[],"not_principals":[],"principals":[],"resources":[false,false]}]}},"action_reason":"read_because_config_unknown"},{"address":"data.aws_iam_policy_document.task_state_access","mode":"data","type":"aws_iam_policy_document","name":"task_state_access","provider_name":"registry.terraform.io/hashicorp/aws","change":{"actions":["read"],"before":null,"after":{"override_json":null,"override_policy_documents":null,"policy_id":null,"source_json":null,"source_policy_documents":null,"statement":[{"actions":["s3:ListBucket"],"condition":[],"effect":"Allow","not_actions":null,"not_principals":[],"not_resources":null,"principals":[],"resources":[null],"sid":null},{"actions":["s3:DeleteObject","s3:GetObject","s3:PutObject"],"condition":[],"effect":"Allow","not_actions":null,"not_principals":[],"not_resources":null,"principals":[],"resources":[null],"sid":null},{"actions":["dynamodb:DeleteItem","dynamodb:DescribeTable","dynamodb:GetItem","dynamodb:PutItem","dynamodb:UpdateItem"],"condition":[],"effect":"Allow","not_actions":null,"not_principals":[],"not_resources":null,"principals":[],"resources":[null],"sid":null},{"actions":["kms:Decrypt","kms:DescribeKey","kms:Encrypt","kms:GenerateDataKey"],"condition":[],"effect":"Allow","not_actions":null,"not_principals":[],"not_resources":null,"principals":[],"resources":[null],"sid":null}],"version":null},"after_unknown":{"id":true,"json":true,"minified_json":true,"statement":[{"actions":[false],"condition":[],"not_principals":[],"principals":[],"resources":[true]},{"actions":[false,false,false],"condition":[],"not_principals":[],"principals":[],"resources":[true]},{"actions":[false,false,false,false,false],"condition":[],"not_principals":[],"principals":[],"resources":[true]},{"actions":[false,false,false,false],"condition":[],"not_principals":[],"principals":[],"resources":[true]}]},"before_sensitive":false,"after_sensitive":{"statement":[{"actions":[false],"condition":[],"not_principals":[],"principals":[],"resources":[false]},{"actions":[false,false,false],"condition":[],"not_principals":[],"principals":[],"resources":[false]},{"actions":[false,false,false,false,false],"condition":[],"not_principals":[],"principals":[],"resources":[false]},{"actions":[false,false,false,false],"condition":[],"not_principals":[],"principals":[],"resources":[false]}]}},"action_reason":"read_because_config_unknown"},{"address":"aws_cloudwatch_log_group.runner","mode":"managed","type":"aws_cloudwatch_log_group","name":"runner","provider_name":"registry.terraform.io/hashicorp/aws","change":{"actions":["create"],"before":null,"after":{"kms_key_id":null,"name":"/ecs/custom-alpine-terraform-dev-runner","retention_in_days":30,"skip_destroy":false,"tags":null,"tags_all":{"Environment":"dev","ManagedBy":"terraform","Project":"custom-alpine-terraform"}},"after_unknown":{"arn":true,"id":true,"log_group_class":true,"name_prefix":true,"tags_all":{}},"before_sensitive":false,"after_sensitive":{"tags_all":{}}}},{"address":"aws_dynamodb_table.tf_lock","mode":"managed","type":"aws_dynamodb_table","name":"tf_lock","provider_name":"registry.terraform.io/hashicorp/aws","change":{"actions":["create"],"before":null,"after":{"attribute":[{"name":"LockID","type":"S"}],"billing_mode":"PAY_PER_REQUEST","deletion_protection_enabled":null,"global_secondary_index":[],"hash_key":"LockID","import_table":[],"local_secondary_index":[],"name":"custom-alpine-terraform-dev-tf-lock","on_demand_throughput":[],"range_key":null,"replica":[],"restore_date_time":null,"restore_source_name":null,"restore_source_table_arn":null,"restore_to_latest_time":null,"server_side_encryption":[{"enabled":true}],"stream_enabled":null,"table_class":null,"tags":null,"tags_all":{"Environment":"dev","ManagedBy":"terraform","Project":"custom-alpine-terraform"},"timeouts":null},"after_unknown":{"arn":true,"attribute":[{}],"global_secondary_index":[],"id":true,"import_table":[],"local_secondary_index":[],"on_demand_throughput":[],"point_in_time_recovery":true,"read_capacity":true,"replica":[],"server_side_encryption":[{"kms_key_arn":true}],"stream_arn":true,"stream_label":true,"stream_view_type":true,"tags_all":{},"ttl":true,"write_capacity":true},"before_sensitive":false,"after_sensitive":{"attribute":[{}],"global_secondary_index":[],"import_table":[],"local_secondary_index":[],"on_demand_throughput":[],"point_in_time_recovery":[],"replica":[],"server_side_encryption":[{}],"tags_all":{},"ttl":[]}}},{"address":"aws_ecr_lifecycle_policy.tooling","mode":"managed","type":"aws_ecr_lifecycle_policy","name":"tooling","provider_name":"registry.terraform.io/hashicorp/aws","change":{"actions":["create"],"before":null,"after":{"policy":"{\"rules\":[{\"action\":{\"type\":\"expire\"},\"description\":\"Keep last 30 images\",\"rulePriority\":1,\"selection\":{\"countNumber\":30,\"countType\":\"imageCountMoreThan\",\"tagStatus\":\"any\"}}]}","repository":"custom-alpine-terraform"},"after_unknown":{"id":true,"registry_id":true},"before_sensitive":false,"after_sensitive":{}}},{"address":"aws_ecr_repository.tooling","mode":"managed","type":"aws_ecr_repository","name":"tooling","provider_name":"registry.terraform.io/hashicorp/aws","change":{"actions":["create"],"before":null,"after":{"encryption_configuration":[{"encryption_type":"AES256"}],"force_delete":null,"image_scanning_configuration":[{"scan_on_push":true}],"image_tag_mutability":"MUTABLE","name":"custom-alpine-terraform","tags":null,"tags_all":{"Environment":"dev","ManagedBy":"terraform","Project":"custom-alpine-terraform"},"timeouts":null},"after_unknown":{"arn":true,"encryption_configuration":[{"kms_key":true}],"id":true,"image_scanning_configuration":[{}],"registry_id":true,"repository_url":true,"tags_all":{}},"before_sensitive":false,"after_sensitive":{"encryption_configuration":[{}],"image_scanning_configuration":[{}],"tags_all":{}}}},{"address":"aws_ecs_cluster.runner","mode":"managed","type":"aws_ecs_cluster","name":"runner","provider_name":"registry.terraform.io/hashicorp/aws","change":{"actions":["create"],"before":null,"after":{"configuration":[],"name":"custom-alpine-terraform-dev-cluster","service_connect_defaults":[],"tags":null,"tags_all":{"Environment":"dev","ManagedBy":"terraform","Project":"custom-alpine-terraform"}},"after_unknown":{"arn":true,"configuration":[],"id":true,"service_connect_defaults":[],"setting":true,"tags_all":{}},"before_sensitive":false,"after_sensitive":{"configuration":[],"service_connect_defaults":[],"setting":[],"tags_all":{}}}},{"address":"aws_ecs_task_definition.runner","mode":"managed","type":"aws_ecs_task_definition","name":"runner","provider_name":"registry.terraform.io/hashicorp/aws","change":{"actions":["create"],"before":null,"after":{"cpu":"256","ephemeral_storage":[],"family":"custom-alpine-terraform-dev-runner","inference_accelerator":[],"ipc_mode":null,"memory":"512","network_mode":"awsvpc","pid_mode":null,"placement_constraints":[],"proxy_configuration":[],"requires_compatibilities":["FARGATE"],"runtime_platform":[],"skip_destroy":false,"tags":null,"tags_all":{"Environment":"dev","ManagedBy":"terraform","Project":"custom-alpine-terraform"},"track_latest":false,"volume":[]},"after_unknown":{"arn":true,"arn_without_revision":true,"container_definitions":true,"enable_fault_injection":true,"ephemeral_storage":[],"execution_role_arn":true,"id":true,"inference_accelerator":[],"placement_constraints":[],"proxy_configuration":[],"requires_compatibilities":[false],"revision":true,"runtime_platform":[],"tags_all":{},"task_role_arn":true,"volume":[]},"before_sensitive":false,"after_sensitive":{"ephemeral_storage":[],"inference_accelerator":[],"placement_constraints":[],"proxy_configuration":[],"requires_compatibilities":[false],"runtime_platform":[],"tags_all":{},"volume":[]}}},{"address":"aws_eip.nat[0]","mode":"managed","type":"aws_eip","name":"nat","index":0,"provider_name":"registry.terraform.io/hashicorp/aws","change":{"actions":["create"],"before":null,"after":{"address":null,"associate_with_private_ip":null,"customer_owned_ipv4_pool":null,"domain":"vpc","tags":null,"tags_all":{"Environment":"dev","ManagedBy":"terraform","Project":"custom-alpine-terraform"},"timeouts":null},"after_unknown":{"allocation_id":true,"arn":true,"association_id":true,"carrier_ip":true,"customer_owned_ip":true,"id":true,"instance":true,"ipam_pool_id":true,"network_border_group":true,"network_interface":true,"private_dns":true,"private_ip":true,"ptr_record":true,"public_dns":true,"public_ip":true,"public_ipv4_pool":true,"tags_all":{},"vpc":true},"before_sensitive":false,"after_sensitive":{"tags_all":{}}}},{"address":"aws_iam_openid_connect_provider.github","mode":"managed","type":"aws_iam_openid_connect_provider","name":"github","provider_name":"registry.terraform.io/hashicorp/aws","change":{"actions":["create"],"before":null,"after":{"client_id_list":["sts.amazonaws.com"],"tags":null,"tags_all":{"Environment":"dev","ManagedBy":"terraform","Project":"custom-alpine-terraform"},"thumbprint_list":["6938fd4d98bab03faadb97b34396831e3780aea1"],"url":"https://token.actions.githubusercontent.com"},"after_unknown":{"arn":true,"client_id_list":[false],"id":true,"tags_all":{},"thumbprint_list":[false]},"before_sensitive":false,"after_sensitive":{"client_id_list":[false],"tags_all":{},"thumbprint_list":[false]}}},{"address":"aws_iam_role.ecs_task","mode":"managed","type":"aws_iam_role","name":"ecs_task","provider_name":"registry.terraform.io/hashicorp/aws","change":{"actions":["create"],"before":null,"after":{"assume_role_policy":"{\"Statement\":[{\"Action\":\"sts:AssumeRole\",\"Effect\":\"Allow\",\"Principal\":{\"Service\":\"ecs-tasks.amazonaws.com\"}}],\"Version\":\"2012-10-17\"}","description":null,"force_detach_policies":false,"max_session_duration":3600,"name":"custom-alpine-terraform-dev-ecs-task","path":"/","permissions_boundary":null,"tags":null,"tags_all":{"Environment":"dev","ManagedBy":"terraform","Project":"custom-alpine-terraform"}},"after_unknown":{"arn":true,"create_date":true,"id":true,"inline_policy":true,"managed_policy_arns":true,"name_prefix":true,"tags_all":{},"unique_id":true},"before_sensitive":false,"after_sensitive":{"inline_policy":[],"managed_policy_arns":[],"tags_all":{}}}},{"address":"aws_iam_role.ecs_task_execution","mode":"managed","type":"aws_iam_role","name":"ecs_task_execution","provider_name":"registry.terraform.io/hashicorp/aws","change":{"actions":["create"],"before":null,"after":{"assume_role_policy":"{\"Statement\":[{\"Action\":\"sts:AssumeRole\",\"Effect\":\"Allow\",\"Principal\":{\"Service\":\"ecs-tasks.amazonaws.com\"}}],\"Version\":\"2012-10-17\"}","description":null,"force_detach_policies":false,"max_session_duration":3600,"name":"custom-alpine-terraform-dev-ecs-task-exec","path":"/","permissions_boundary":null,"tags":null,"tags_all":{"Environment":"dev","ManagedBy":"terraform","Project":"custom-alpine-terraform"}},"after_unknown":{"arn":true,"create_date":true,"id":true,"inline_policy":true,"managed_policy_arns":true,"name_prefix":true,"tags_all":{},"unique_id":true},"before_sensitive":false,"after_sensitive":{"inline_policy":[],"managed_policy_arns":[],"tags_all":{}}}},{"address":"aws_iam_role.github_actions","mode":"managed","type":"aws_iam_role","name":"github_actions","provider_name":"registry.terraform.io/hashicorp/aws","change":{"actions":["create"],"before":null,"after":{"description":null,"force_detach_policies":false,"max_session_duration":3600,"name":"custom-alpine-terraform-dev-github-actions-ecr","path":"/","permissions_boundary":null,"tags":null,"tags_all":{"Environment":"dev","ManagedBy":"terraform","Project":"custom-alpine-terraform"}},"after_unknown":{"arn":true,"assume_role_policy":true,"create_date":true,"id":true,"inline_policy":true,"managed_policy_arns":true,"name_prefix":true,"tags_all":{},"unique_id":true},"before_sensitive":false,"after_sensitive":{"inline_policy":[],"managed_policy_arns":[],"tags_all":{}}}},{"address":"aws_iam_role.lambda","mode":"managed","type":"aws_iam_role","name":"lambda","provider_name":"registry.terraform.io/hashicorp/aws","change":{"actions":["create"],"before":null,"after":{"assume_role_policy":"{\"Statement\":[{\"Action\":\"sts:AssumeRole\",\"Effect\":\"Allow\",\"Principal\":{\"Service\":\"lambda.amazonaws.com\"}}],\"Version\":\"2012-10-17\"}","description":null,"force_detach_policies":false,"max_session_duration":3600,"name":"custom-alpine-terraform-dev-trigger-lambda","path":"/","permissions_boundary":null,"tags":null,"tags_all":{"Environment":"dev","ManagedBy":"terraform","Project":"custom-alpine-terraform"}},"after_unknown":{"arn":true,"create_date":true,"id":true,"inline_policy":true,"managed_policy_arns":true,"name_prefix":true,"tags_all":{},"unique_id":true},"before_sensitive":false,"after_sensitive":{"inline_policy":[],"managed_policy_arns":[],"tags_all":{}}}},{"address":"aws_iam_role_policy.github_ecr","mode":"managed","type":"aws_iam_role_policy","name":"github_ecr","provider_name":"registry.terraform.io/hashicorp/aws","change":{"actions":["create"],"before":null,"after":{"name":"custom-alpine-terraform-dev-github-ecr"},"after_unknown":{"id":true,"name_prefix":true,"policy":true,"role":true},"before_sensitive":false,"after_sensitive":{}}},{"address":"aws_iam_role_policy.lambda_run_task","mode":"managed","type":"aws_iam_role_policy","name":"lambda_run_task","provider_name":"registry.terraform.io/hashicorp/aws","change":{"actions":["create"],"before":null,"after":{"name":"custom-alpine-terraform-dev-lambda-run-task"},"after_unknown":{"id":true,"name_prefix":true,"policy":true,"role":true},"before_sensitive":false,"after_sensitive":{}}},{"address":"aws_iam_role_policy.task_state_access","mode":"managed","type":"aws_iam_role_policy","name":"task_state_access","provider_name":"registry.terraform.io/hashicorp/aws","change":{"actions":["create"],"before":null,"after":{"name":"custom-alpine-terraform-dev-task-state-access"},"after_unknown":{"id":true,"name_prefix":true,"policy":true,"role":true},"before_sensitive":false,"after_sensitive":{}}},{"address":"aws_iam_role_policy_attachment.ecs_task_execution","mode":"managed","type":"aws_iam_role_policy_attachment","name":"ecs_task_execution","provider_name":"registry.terraform.io/hashicorp/aws","change":{"actions":["create"],"before":null,"after":{"policy_arn":"arn:aws:iam::aws:policy/service-role/AmazonECSTaskExecutionRolePolicy","role":"custom-alpine-terraform-dev-ecs-task-exec"},"after_unknown":{"id":true},"before_sensitive":false,"after_sensitive":{}}},{"address":"aws_iam_role_policy_attachment.lambda_basic","mode":"managed","type":"aws_iam_role_policy_attachment","name":"lambda_basic","provider_name":"registry.terraform.io/hashicorp/aws","change":{"actions":["create"],"before":null,"after":{"policy_arn":"arn:aws:iam::aws:policy/service-role/AWSLambdaBasicExecutionRole","role":"custom-alpine-terraform-dev-trigger-lambda"},"after_unknown":{"id":true},"before_sensitive":false,"after_sensitive":{}}},{"address":"aws_internet_gateway.igw","mode":"managed","type":"aws_internet_gateway","name":"igw","provider_name":"registry.terraform.io/hashicorp/aws","change":{"actions":["create"],"before":null,"after":{"tags":null,"tags_all":{"Environment":"dev","ManagedBy":"terraform","Project":"custom-alpine-terraform"},"timeouts":null},"after_unknown":{"arn":true,"id":true,"owner_id":true,"tags_all":{},"vpc_id":true},"before_sensitive":false,"after_sensitive":{"tags_all":{}}}},{"address":"aws_kms_alias.tf_state","mode":"managed","type":"aws_kms_alias","name":"tf_state","provider_name":"registry.terraform.io/hashicorp/aws","change":{"actions":["create"],"before":null,"after":{"name":"alias/custom-alpine-terraform-dev-tf-state"},"after_unknown":{"arn":true,"id":true,"name_prefix":true,"target_key_arn":true,"target_key_id":true},"before_sensitive":false,"after_sensitive":{}}},{"address":"aws_kms_key.tf_state","mode":"managed","type":"aws_kms_key","name":"tf_state","provider_name":"registry.terraform.io/hashicorp/aws","change":{"actions":["create"],"before":null,"after":{"bypass_policy_lockout_safety_check":false,"custom_key_store_id":null,"customer_master_key_spec":"SYMMETRIC_DEFAULT","deletion_window_in_days":30,"description":"KMS key for Terraform remote state encryption","enable_key_rotation":true,"is_enabled":true,"key_usage":"ENCRYPT_DECRYPT","tags":null,"tags_all":{"Environment":"dev","ManagedBy":"terraform","Project":"custom-alpine-terraform"},"timeouts":null,"xks_key_id":null},"after_unknown":{"arn":true,"id":true,"key_id":true,"multi_region":true,"policy":true,"rotation_period_in_days":true,"tags_all":{}},"before_sensitive":false,"after_sensitive":{"tags_all":{}}}},{"address":"aws_lambda_function.trigger","mode":"managed","type":"aws_lambda_function","name":"trigger","provider_name":"registry.terraform.io/hashicorp/aws","change":{"actions":["create"],"before":null,"after":{"code_signing_config_arn":null,"dead_letter_config":[],"description":null,"environment":[{}],"file_system_config":[],"filename":"./.build/trigger.zip","function_name":"custom-alpine-terraform-dev-ecs-trigger","handler":"lambda_function.handler","image_config":[],"image_uri":null,"kms_key_arn":null,"layers":null,"memory_size":128,"package_type":"Zip","publish":false,"replace_security_groups_on_destroy":null,"replacement_security_group_ids":null,"reserved_concurrent_executions":-1,"runtime":"python3.12","s3_bucket":null,"s3_key":null,"s3_object_version":null,"skip_destroy":false,"snap_start":[],"source_code_hash":"rYLbT/SpDYFejSxihyrb3chk5kVdY2+K9jHfTbcKP5I=","tags":null,"tags_all":{"Environment":"dev","ManagedBy":"terraform","Project":"custom-alpine-terraform"},"timeout":30,"timeouts":null,"vpc_config":[]},"after_unknown":{"architectures":true,"arn":true,"code_sha256":true,"dead_letter_config":[],"environment":[{"variables":true}],"ephemeral_storage":true,"file_system_config":[],"id":true,"image_config":[],"invoke_arn":true,"last_modified":true,"logging_config":true,"qualified_arn":true,"qualified_invoke_arn":true,"role":true,"signing_job_arn":true,"signing_profile_version_arn":true,"snap_start":[],"source_code_size":true,"tags_all":{},"tracing_config":true,"version":true,"vpc_config":[]},"before_sensitive":false,"after_sensitive":{"architectures":[],"dead_letter_config":[],"environment":[{"variables":{}}],"ephemeral_storage":[],"file_system_config":[],"image_config":[],"logging_config":[],"snap_start":[],"tags_all":{},"tracing_config":[],"vpc_config":[]}}},{"address":"aws_nat_gateway.nat[0]","mode":"managed","type":"aws_nat_gateway","name":"nat","index":0,"provider_name":"registry.terraform.io/hashicorp/aws","change":{"actions":["create"],"before":null,"after":{"connectivity_type":"public","secondary_allocation_ids":null,"tags":null,"tags_all":{"Environment":"dev","ManagedBy":"terraform","Project":"custom-alpine-terraform"},"timeouts":null},"after_unknown":{"allocation_id":true,"association_id":true,"id":true,"network_interface_id":true,"private_ip":true,"public_ip":true,"secondary_private_ip_address_count":true,"secondary_private_ip_addresses":true,"subnet_id":true,"tags_all":{}},"before_sensitive":false,"after_sensitive":{"secondary_private_ip_addresses":[],"tags_all":{}}}},{"address":"aws_route.private_egress[0]","mode":"managed","type":"aws_route","name":"private_egress","index":0,"provider_name":"registry.terraform.io/hashicorp/aws","change":{"actions":["create"],"before":null,"after":{"carrier_gateway_id":null,"core_network_arn":null,"destination_cidr_block":"0.0.0.0/0","destination_ipv6_cidr_block":null,"destination_prefix_list_id":null,"egress_only_gateway_id":null,"gateway_id":null,"local_gateway_id":null,"timeouts":null,"transit_gateway_id":null,"vpc_endpoint_id":null,"vpc_peering_connection_id":null},"after_unknown":{"id":true,"instance_id":true,"instance_owner_id":true,"nat_gateway_id":true,"network_interface_id":true,"origin":true,"route_table_id":true,"state":true},"before_sensitive":false,"after_sensitive":{}}},{"address":"aws_route.public_internet","mode":"managed","type":"aws_route","name":"public_internet","provider_name":"registry.terraform.io/hashicorp/aws","change":{"actions":["create"],"before":null,"after":{"carrier_gateway_id":null,"core_network_arn":null,"destination_cidr_block":"0.0.0.0/0","destination_ipv6_cidr_block":null,"destination_prefix_list_id":null,"egress_only_gateway_id":null,"local_gateway_id":null,"nat_gateway_id":null,"timeouts":null,"transit_gateway_id":null,"vpc_endpoint_id":null,"vpc_peering_connection_id":null},"after_unknown":{"gateway_id":true,"id":true,"instance_id":true,"instance_owner_id":true,"network_interface_id":true,"origin":true,"route_table_id":true,"state":true},"before_sensitive":false,"after_sensitive":{}}},{"address":"aws_route_table.private","mode":"managed","type":"aws_route_table","name":"private","provider_name":"registry.terraform.io/hashicorp/aws","change":{"actions":["create"],"before":null,"after":{"tags":null,"tags_all":{"Environment":"dev","ManagedBy":"terraform","Project":"custom-alpine-terraform"},"timeouts":null},"after_unknown":{"arn":true,"id":true,"owner_id":true,"propagating_vgws":true,"route":true,"tags_all":{},"vpc_id":true},"before_sensitive":false,"after_sensitive":{"propagating_vgws":[],"route":[],"tags_all":{}}}},{"address":"aws_route_table.public","mode":"managed","type":"aws_route_table","name":"public","provider_name":"registry.terraform.io/hashicorp/aws","change":{"actions":["create"],"before":null,"after":{"tags":null,"tags_all":{"Environment":"dev","ManagedBy":"terraform","Project":"custom-alpine-terraform"},"timeouts":null},"after_unknown":{"arn":true,"id":true,"owner_id":true,"propagating_vgws":true,"route":true,"tags_all":{},"vpc_id":true},"before_sensitive":false,"after_sensitive":{"propagating_vgws":[],"route":[],"tags_all":{}}}},{"address":"aws_route_table_association.private[\"0\"]","mode":"managed","type":"aws_route_table_association","name":"private","index":"0","provider_name":"registry.terraform.io/hashicorp/aws","change":{"actions":["create"],"before":null,"after":{"gateway_id":null,"timeouts":null},"after_unknown":{"id":true,"route_table_id":true,"subnet_id":true},"before_sensitive":false,"after_sensitive":{}}},{"address":"aws_route_table_association.private[\"1\"]","mode":"managed","type":"aws_route_table_association","name":"private","index":"1","provider_name":"registry.terraform.io/hashicorp/aws","change":{"actions":["create"],"before":null,"after":{"gateway_id":null,"timeouts":null},"after_unknown":{"id":true,"route_table_id":true,"subnet_id":true},"before_sensitive":false,"after_sensitive":{}}},{"address":"aws_route_table_association.public[\"0\"]","mode":"managed","type":"aws_route_table_association","name":"public","index":"0","provider_name":"registry.terraform.io/hashicorp/aws","change":{"actions":["create"],"before":null,"after":{"gateway_id":null,"timeouts":null},"after_unknown":{"id":true,"route_table_id":true,"subnet_id":true},"before_sensitive":false,"after_sensitive":{}}},{"address":"aws_route_table_association.public[\"1\"]","mode":"managed","type":"aws_route_table_association","name":"public","index":"1","provider_name":"registry.terraform.io/hashicorp/aws","change":{"actions":["create"],"before":null,"after":{"gateway_id":null,"timeouts":null},"after_unknown":{"id":true,"route_table_id":true,"subnet_id":true},"before_sensitive":false,"after_sensitive":{}}},{"address":"aws_s3_bucket.tf_state","mode":"managed","type":"aws_s3_bucket","name":"tf_state","provider_name":"registry.terraform.io/hashicorp/aws","change":{"actions":["create"],"before":null,"after":{"bucket":"custom-alpine-terraform-dev-tf-state-000000000000-us-east-1","force_destroy":false,"tags":null,"tags_all":{"Environment":"dev","ManagedBy":"terraform","Project":"custom-alpine-terraform"},"timeouts":null},"after_unknown":{"acceleration_status":true,"acl":true,"arn":true,"bucket_domain_name":true,"bucket_prefix":true,"bucket_regional_domain_name":true,"cors_rule":true,"grant":true,"hosted_zone_id":true,"id":true,"lifecycle_rule":true,"logging":true,"object_lock_configuration":true,"object_lock_enabled":true,"policy":true,"region":true,"replication_configuration":true,"request_payer":true,"server_side_encryption_configuration":true,"tags_all":{},"versioning":true,"website":true,"website_domain":true,"website_endpoint":true},"before_sensitive":false,"after_sensitive":{"cors_rule":[],"grant":[],"lifecycle_rule":[],"logging":[],"object_lock_configuration":[],"replication_configuration":[],"server_side_encryption_configuration":[],"tags_all":{},"versioning":[],"website":[]}}},{"address":"aws_s3_bucket_ownership_controls.tf_state","mode":"managed","type":"aws_s3_bucket_ownership_controls","name":"tf_state","provider_name":"registry.terraform.io/hashicorp/aws","change":{"actions":["create"],"before":null,"after":{"rule":[{"object_ownership":"BucketOwnerEnforced"}]},"after_unknown":{"bucket":true,"id":true,"rule":[{}]},"before_sensitive":false,"after_sensitive":{"rule":[{}]}}},{"address":"aws_s3_bucket_public_access_block.tf_state","mode":"managed","type":"aws_s3_bucket_public_access_block","name":"tf_state","provider_name":"registry.terraform.io/hashicorp/aws","change":{"actions":["create"],"before":null,"after":{"block_public_acls":true,"block_public_policy":true,"ignore_public_acls":true,"restrict_public_buckets":true},"after_unknown":{"bucket":true,"id":true},"before_sensitive":false,"after_sensitive":{}}},{"address":"aws_s3_bucket_server_side_encryption_configuration.tf_state","mode":"managed","type":"aws_s3_bucket_server_side_encryption_configuration","name":"tf_state","provider_name":"registry.terraform.io/hashicorp/aws","change":{"actions":["create"],"before":null,"after":{"expected_bucket_owner":null,"rule":[{"apply_server_side_encryption_by_default":[{"sse_algorithm":"aws:kms"}],"bucket_key_enabled":null}]},"after_unknown":{"bucket":true,"id":true,"rule":[{"apply_server_side_encryption_by_default":[{"kms_master_key_id":true}]}]},"before_sensitive":false,"after_sensitive":{"rule":[{"apply_server_side_encryption_by_default":[{}]}]}}},{"address":"aws_s3_bucket_versioning.tf_state","mode":"managed","type":"aws_s3_bucket_versioning","name":"tf_state","provider_name":"registry.terraform.io/hashicorp/aws","change":{"actions":["create"],"before":null,"after":{"expected_bucket_owner":null,"mfa":null,"versioning_configuration":[{"status":"Enabled"}]},"after_unknown":{"bucket":true,"id":true,"versioning_configuration":[{"mfa_delete":true}]},"before_sensitive":false,"after_sensitive":{"versioning_configuration":[{}]}}},{"address":"aws_security_group.runner","mode":"managed","type":"aws_security_group","name":"runner","provider_name":"registry.terraform.io/hashicorp/aws","change":{"actions":["create"],"before":null,"after":{"description":"No inbound; allow all egress (via NAT)","egress":[{"cidr_blocks":["0.0.0.0/0"],"description":"Allow all egress","from_port":0,"ipv6_cidr_blocks":[],"prefix_list_ids":[],"protocol":"-1","security_groups":[],"self":false,"to_port":0}],"ingress":[{"cidr_blocks":[],"description":"No inbound","from_port":0,"ipv6_cidr_blocks":[],"prefix_list_ids":[],"protocol":"-1","security_groups":[],"self":false,"to_port":0}],"name":"custom-alpine-terraform-dev-runner-sg","revoke_rules_on_delete":false,"tags":null,"tags_all":{"Environment":"dev","ManagedBy":"terraform","Project":"custom-alpine-terraform"},"timeouts":null},"after_unknown":{"arn":true,"egress":[{"cidr_blocks":[false],"ipv6_cidr_blocks":[],"prefix_list_ids":[],"security_groups":[]}],"id":true,"ingress":[{"cidr_blocks":[],"ipv6_cidr_blocks":[],"prefix_list_ids":[],"security_groups":[]}],"name_prefix":true,"owner_id":true,"tags_all":{},"vpc_id":true},"before_sensitive":false,"after_sensitive":{"egress":[{"cidr_blocks":[false],"ipv6_cidr_blocks":[],"prefix_list_ids":[],"security_groups":[]}],"ingress":[{"cidr_blocks":[],"ipv6_cidr_blocks":[],"prefix_list_ids":[],"security_groups":[]}],"tags_all":{}}}},{"address":"aws_subnet.private[\"0\"]","mode":"managed","type":"aws_subnet","name":"private","index":"0","provider_name":"registry.terraform.io/hashicorp/aws","change":{"actions":["create"],"before":null,"after":{"assign_ipv6_address_on_creation":false,"availability_zone":"us-east-1a","cidr_block":"10.20.100.0/24","customer_owned_ipv4_pool":null,"enable_dns64":false,"enable_lni_at_device_index":null,"enable_resource_name_dns_a_record_on_launch":false,"enable_resource_name_dns_aaaa_record_on_launch":false,"ipv6_cidr_block":null,"ipv6_native":false,"map_customer_owned_ip_on_launch":null,"map_public_ip_on_launch":false,"outpost_arn":null,"tags":null,"tags_all":{"Environment":"dev","ManagedBy":"terraform","Project":"custom-alpine-terraform"},"timeouts":null},"after_unknown":{"arn":true,"availability_zone_id":true,"id":true,"ipv6_cidr_block_association_id":true,"owner_id":true,"private_dns_hostname_type_on_launch":true,"tags_all":{},"vpc_id":true},"before_sensitive":false,"after_sensitive":{"tags_all":{}}}},{"address":"aws_subnet.private[\"1\"]","mode":"managed","type":"aws_subnet","name":"private","index":"1","provider_name":"registry.terraform.io/hashicorp/aws","change":{"actions":["create"],"before":null,"after":{"assign_ipv6_address_on_creation":false,"availability_zone":"us-east-1b","cidr_block":"10.20.101.0/24","customer_owned_ipv4_pool":null,"enable_dns64":false,"enable_lni_at_device_index":null,"enable_resource_name_dns_a_record_on_launch":false,"enable_resource_name_dns_aaaa_record_on_launch":false,"ipv6_cidr_block":null,"ipv6_native":false,"map_customer_owned_ip_on_launch":null,"map_public_ip_on_launch":false,"outpost_arn":null,"tags":null,"tags_all":{"Environment":"dev","ManagedBy":"terraform","Project":"custom-alpine-terraform"},"timeouts":null},"after_unknown":{"arn":true,"availability_zone_id":true,"id":true,"ipv6_cidr_block_association_id":true,"owner_id":true,"private_dns_hostname_type_on_launch":true,"tags_all":{},"vpc_id":true},"before_sensitive":false,"after_sensitive":{"tags_all":{}}}},{"address":"aws_subnet.public[\"0\"]","mode":"managed","type":"aws_subnet","name":"public","index":"0","provider_name":"registry.terraform.io/hashicorp/aws","change":{"actions":["create"],"before":null,"after":{"assign_ipv6_address_on_creation":false,"availability_zone":"us-east-1a","cidr_block":"10.20.0.0/24","customer_owned_ipv4_pool":null,"enable_dns64":false,"enable_lni_at_device_index":null,"enable_resource_name_dns_a_record_on_launch":false,"enable_resource_name_dns_aaaa_record_on_launch":false,"ipv6_cidr_block":null,"ipv6_native":false,"map_customer_owned_ip_on_launch":null,"map_public_ip_on_launch":true,"outpost_arn":null,"tags":null,"tags_all":{"Environment":"dev","ManagedBy":"terraform","Project":"custom-alpine-terraform"},"timeouts":null},"after_unknown":{"arn":true,"availability_zone_id":true,"id":true,"ipv6_cidr_block_association_id":true,"owner_id":true,"private_dns_hostname_type_on_launch":true,"tags_all":{},"vpc_id":true},"before_sensitive":false,"after_sensitive":{"tags_all":{}}}},{"address":"aws_subnet.public[\"1\"]","mode":"managed","type":"aws_subnet","name":"public","index":"1","provider_name":"registry.terraform.io/hashicorp/aws","change":{"actions":["create"],"before":null,"after":{"assign_ipv6_address_on_creation":false,"availability_zone":"us-east-1b","cidr_block":"10.20.1.0/24","customer_owned_ipv4_pool":null,"enable_dns64":false,"enable_lni_at_device_index":null,"enable_resource_name_dns_a_record_on_launch":false,"enable_resource_name_dns_aaaa_record_on_launch":false,"ipv6_cidr_block":null,"ipv6_native":false,"map_customer_owned_ip_on_launch":null,"map_public_ip_on_launch":true,"outpost_arn":null,"tags":null,"tags_all":{"Environment":"dev","ManagedBy":"terraform","Project":"custom-alpine-terraform"},"timeouts":null},"after_unknown":{"arn":true,"availability_zone_id":true,"id":true,"ipv6_cidr_block_association_id":true,"owner_id":true,"private_dns_hostname_type_on_launch":true,"tags_all":{},"vpc_id":true},"before_sensitive":false,"after_sensitive":{"tags_all":{}}}},{"address":"aws_vpc.main","mode":"managed","type":"aws_vpc","name":"main","provider_name":"registry.terraform.io/hashicorp/aws","change":{"actions":["create"],"before":null,"after":{"assign_generated_ipv6_cidr_block":null,"cidr_block":"10.20.0.0/16","enable_dns_hostnames":true,"enable_dns_support":true,"instance_tenancy":"default","ipv4_ipam_pool_id":null,"ipv4_netmask_length":null,"ipv6_ipam_pool_id":null,"ipv6_netmask_length":null,"tags":null,"tags_all":{"Environment":"dev","ManagedBy":"terraform","Project":"custom-alpine-terraform"}},"after_unknown":{"arn":true,"default_network_acl_id":true,"default_route_table_id":true,"default_security_group_id":true,"dhcp_options_id":true,"enable_network_address_usage_metrics":true,"id":true,"ipv6_association_id":true,"ipv6_cidr_block":true,"ipv6_cidr_block_network_border_group":true,"main_route_table_id":true,"owner_id":true,"tags_all":{}},"before_sensitive":false,"after_sensitive":{"tags_all":{}}}}],"output_changes":{"ecr_repository_url":{"actions":["create"],"before":null,"after_unknown":true,"before_sensitive":false,"after_sensitive":false},"ecs_cluster_arn":{"actions":["create"],"before":null,"after_unknown":true,"before_sensitive":false,"after_sensitive":false},"ecs_task_definition_arn":{"actions":["create"],"before":null,"after_unknown":true,"before_sensitive":false,"after_sensitive":false},"github_actions_role_arn":{"actions":["create"],"before":null,"after_unknown":true,"before_sensitive":false,"after_sensitive":false},"lambda_trigger_name":{"actions":["create"],"before":null,"after":"custom-alpine-terraform-dev-ecs-trigger","after_unknown":false,"before_sensitive":false,"after_sensitive":false},"tf_lock_table":{"actions":["create"],"before":null,"after":"custom-alpine-terraform-dev-tf-lock","after_unknown":false,"before_sensitive":false,"after_sensitive":false},"tf_state_bucket":{"actions":["create"],"before":null,"after":"custom-alpine-terraform-dev-tf-state-000000000000-us-east-1","after_unknown":false,"before_sensitive":false,"after_sensitive":false}},"prior_state":{"format_version":"1.0","terraform_version":"1.13.5","values":{"outputs":{"lambda_trigger_name":{"sensitive":false,"value":"custom-alpine-terraform-dev-ecs-trigger","type":"string"},"tf_lock_table":{"sensitive":false,"value":"custom-alpine-terraform-dev-tf-lock","type":"string"},"tf_state_bucket":{"sensitive":false,"value":"custom-alpine-terraform-dev-tf-state-000000000000-us-east-1","type":"string"}},"root_module":{"resources":[{"address":"data.archive_file.lambda_dummy","mode":"data","type":"archive_file","name":"lambda_dummy","provider_name":"registry.terraform.io/hashicorp/archive","schema_version":0,"values":{"exclude_symlink_directories":null,"excludes":null,"id":"58e93fade67637870be5af38eff8d5aa66c7da49","output_base64sha256":"wmbalFzzY/wG3ivChKElOZB3+B4gptmQyIat05p+fU4=","output_base64sha512":"BQYAg1LwEY4tDmry1VoRx6StX0vjH+7LpfB5KAZLVvfJQjioPbBv1QxI6QF6P2U614fU3h9XKBCb9z5Y1ornqA==","output_file_mode":null,"output_md5":"a0dbd832a6a977d6d5b28ea5c85e30fb","output_path":"./.dummy/lambda.zip","output_sha":"58e93fade67637870be5af38eff8d5aa66c7da49","output_sha256":"c266da945cf363fc06de2bc284a125399077f81e20a6d990c886add39a7e7d4e","output_sha512":"0506008352f0118e2d0e6af2d55a11c7a4ad5f4be31feecba5f07928064b56f7c94238a83db06fd50c48e9017a3f653ad787d4de1f5728109bf73e58d68ae7a8","output_size":246,"source":[{"content":"exports.handler = async (event) =\u003e {\n  console.log(\"Dummy lambda invoked\");\n  return { statusCode: 200, body: \"dummy\" };\n};\n","filename":"index.js"}],"source_content":null,"source_content_filename":null,"source_dir":null,"source_file":null,"type":"zip"},"sensitive_values":{"source":[{}]}},{"address":"data.archive_file.lambda_zip","mode":"data","type":"archive_file","name":"lambda_zip","provider_name":"registry.terraform.io/hashicorp/archive","schema_version":0,"values":{"exclude_symlink_directories":null,"excludes":null,"id":"9a131ca3d4462ab4c1493d7761b3acba35b67b7f","output_base64sha256":"rYLbT/SpDYFejSxihyrb3chk5kVdY2+K9jHfTbcKP5I=","output_base64sha512":"x+tqgpYET1Yj92THlDu9rAP0M38VnxB9wPZRk9sWSJyKzVzuISsDTOXHm8zdFVxDjmN9lQQRSuQ3U/geFfikpg==","output_file_mode":null,"output_md5":"5917a4df8f26e0b5a38e04248e48a42e","output_path":"./.build/trigger.zip","output_sha":"9a131ca3d4462ab4c1493d7761b3acba35b67b7f","output_sha256":"ad82db4ff4a90d815e8d2c62872adbddc864e6455d636f8af631df4db70a3f92","output_sha512":"c7eb6a8296044f5623f764c7943bbdac03f4337f159f107dc0f65193db16489c8acd5cee212b034ce5c79bccdd155c438e637d9504114ae43753f81e15f8a4a6","output_size":540,"source":[{"content":"import os\nimport json\nimport boto3\n\necs = boto3.client(\"ecs\")\n\ndef handler(event, context):\n    cluster = os.environ[\"CLUSTER_ARN\"]\n    task_def = os.environ[\"TASK_DEFINITION_ARN\"]\n    subnets = os.environ[\"SUBNETS\"].split(\",\")\n    security_groups = os.environ[\"SECURITY_GROUPS\"].split(\",\")\n\n    resp = ecs.run_task(\n        cluster=cluster,\n        taskDefinition=task_def,\n        launchType=\"FARGATE\",\n        networkConfiguration={\n            \"awsvpcConfiguration\": {\n                \"subnets\": subnets,\n                \"securityGroups\": security_groups,\n                \"assignPublicIp\": \"DISABLED\",\n            }\n        },\n        count=1,\n    )\n\n    return {\n        \"statusCode\": 200,\n        \"body\": json.dumps(resp, default=str),\n    }\n","filename":"lambda_function.py"}],"source_content":null,"source_content_filename":null,"source_dir":null,"source_file":null,"type":"zip"},"sensitive_values":{"source":[{}]}},{"address":"data.aws_availability_zones.available","mode":"data","type":"aws_availability_zones","name":"available","provider_name":"registry.terraform.io/hashicorp/aws","schema_version":0,"values":{"all_availability_zones":null,"exclude_names":null,"exclude_zone_ids":null,"filter":null,"group_names":[""],"id":"us-east-1","names":["us-east-1a","us-east-1b","us-east-1c","us-east-1d","us-east-1e","us-east-1f"],"state":"available","timeouts":null,"zone_ids":["use1-az6","use1-az1","use1-az2","use1-az4","use1-az3","use1-az5"]},"sensitive_values":{"group_names":[false],"names":[false,false,false,false,false,false],"zone_ids":[false,false,false,false,false,false]}},{"address":"data.aws_caller_identity.current","mode":"data","type":"aws_caller_identity","name":"current","provider_name":"registry.terraform.io/hashicorp/aws","schema_version":0,"values":{"account_id":"000000000000","arn":"arn:aws:iam::000000000000:root","id":"000000000000","user_id":"AKIAIOSFODNN7EXAMPLE"},"sensitive_values":{}},{"address":"data.aws_partition.current","mode":"data","type":"aws_partition","name":"current","provider_name":"registry.terraform.io/hashicorp/aws","schema_version":0,"values":{"dns_suffix":"amazonaws.com","id":"aws","partition":"aws","reverse_dns_prefix":"com.amazonaws"},"sensitive_values":{}},{"address":"data.aws_region.current","mode":"data","type":"aws_region","name":"current","provider_name":"registry.terraform.io/hashicorp/aws","schema_version":0,"values":{"description":"US East (N. Virginia)","endpoint":"ec2.us-east-1.amazonaws.com","id":"us-east-1","name":"us-east-1"},"sensitive_values":{}}]}}},"configuration":{"provider_config":{"archive":{"name":"archive","full_name":"registry.terraform.io/hashicorp/archive","version_constraint":"~\u003e 2.4"},"aws":{"name":"aws","full_name":"registry.terraform.io/hashicorp/aws","version_constraint":"~\u003e 5.0","expressions":{"default_tags":[{"tags":{"references":["var.project_name","var.environment","var.tags"]}}],"region":{"references":["var.aws_region"]}}}},"root_module":{"outputs":{"ecr_repository_url":{"expression":{"references":["aws_ecr_repository.tooling.repository_url","aws_ecr_repository.tooling"]},"description":"ECR repository URL to push the tooling image to."},"ecs_cluster_arn":{"expression":{"references":["aws_ecs_cluster.runner.arn","aws_ecs_cluster.runner"]},"description":"ECS cluster ARN for the runner."},"ecs_task_definition_arn":{"expression":{"references":["aws_ecs_task_definition.runner.arn","aws_ecs_task_definition.runner"]},"description":"ECS task definition ARN for the runner."},"github_actions_role_arn":{"expression":{"references":["aws_iam_role.github_actions.arn","aws_iam_role.github_actions"]},"description":"IAM role ARN for GitHub Actions (OIDC) to assume for pushing to ECR."},"lambda_trigger_name":{"expression":{"references":["aws_lambda_function.trigger.function_name","aws_lambda_function.trigger"]},"description":"Lambda function name that triggers ECS RunTask."},"tf_lock_table":{"expression":{"references":["aws_dynamodb_table.tf_lock.name","aws_dynamodb_table.tf_lock"]},"description":"DynamoDB table for Terraform state locking."},"tf_state_bucket":{"expression":{"references":["aws_s3_bucket.tf_state.bucket","aws_s3_bucket.tf_state"]},"description":"S3 bucket for Terraform remote state."}},"resources":[{"address":"aws_cloudwatch_event_rule.schedule","mode":"managed","type":"aws_cloudwatch_event_rule","name":"schedule","provider_config_key":"aws","expressions":{"name":{"references":["local.name_prefix"]},"schedule_expression":{"references":["var.eventbridge_schedule_expression"]}},"schema_version":1,"count_expression":{"references":["var.enable_eventbridge_schedule"]}},{"address":"aws_cloudwatch_event_target.schedule_lambda","mode":"managed","type":"aws_cloudwatch_event_target","name":"schedule_lambda","provider_config_key":"aws","expressions":{"arn":{"references":["aws_lambda_function.trigger.arn","aws_lambda_function.trigger"]},"rule":{"references":["aws_cloudwatch_event_rule.schedule[0].name","aws_cloudwatch_event_rule.schedule[0]","aws_cloudwatch_event_rule.schedule"]},"target_id":{"constant_value":"lambda"}},"schema_version":1,"count_expression":{"references":["var.enable_eventbridge_schedule"]}},{"address":"aws_cloudwatch_log_group.runner","mode":"managed","type":"aws_cloudwatch_log_group","name":"runner","provider_config_key":"aws","expressions":{"name":{"references":["local.name_prefix"]},"retention_in_days":{"constant_value":30}},"schema_version":0},{"address":"aws_dynamodb_table.tf_lock","mode":"managed","type":"aws_dynamodb_table","name":"tf_lock","provider_config_key":"aws","expressions":{"attribute":[{"name":{"constant_value":"LockID"},"type":{"constant_value":"S"}}],"billing_mode":{"constant_value":"PAY_PER_REQUEST"},"hash_key":{"constant_value":"LockID"},"name":{"references":["local.name_prefix"]},"server_side_encryption":[{"enabled":{"constant_value":true},"kms_key_arn":{"references":["aws_kms_key.tf_state.arn","aws_kms_key.tf_state"]}}]},"schema_version":1},{"address":"aws_ecr_lifecycle_policy.tooling","mode":"managed","type":"aws_ecr_lifecycle_policy","name":"tooling","provider_config_key":"aws","expressions":{"policy":{"references":["var.ecr_lifecycle_keep_last","var.ecr_lifecycle_keep_last"]},"repository":{"references":["aws_ecr_repository.tooling.name","aws_ecr_repository.tooling"]}},"schema_version":0},{"address":"aws_ecr_repository.tooling","mode":"managed","type":"aws_ecr_repository","name":"tooling","provider_config_key":"aws","expressions":{"encryption_configuration":[{"encryption_type":{"constant_value":"AES256"}}],"image_scanning_configuration":[{"scan_on_push":{"constant_value":true}}],"image_tag_mutability":{"constant_value":"MUTABLE"},"name":{"references":["var.ecr_repository_name"]}},"schema_version":0},{"address":"aws_ecs_cluster.runner","mode":"managed","type":"aws_ecs_cluster","name":"runner","provider_config_key":"aws","expressions":{"name":{"references":["local.name_prefix"]}},"schema_version":0},{"address":"aws_ecs_task_definition.runner","mode":"managed","type":"aws_ecs_task_definition","name":"runner","provider_config_key":"aws","expressions":{"container_definitions":{"references":["aws_ecr_repository.tooling.repository_url","aws_ecr_repository.tooling","var.ecr_image_tag","var.runner_command","aws_cloudwatch_log_group.runner.name","aws_cloudwatch_log_group.runner","data.aws_region.current.name","data.aws_region.current","data.aws_region.current.name","data.aws_region.current"]},"cpu":{"references":["var.runner_cpu"]},"execution_role_arn":{"references":["aws_iam_role.ecs_task_execution.arn","aws_iam_role.ecs_task_execution"]},"family":{"references":["local.name_prefix"]},"memory":{"references":["var.runner_memory"]},"network_mode":{"constant_value":"awsvpc"},"requires_compatibilities":{"constant_value":["FARGATE"]},"task_role_arn":{"references":["aws_iam_role.ecs_task.arn","aws_iam_role.ecs_task"]}},"schema_version":1},{"address":"aws_eip.nat","mode":"managed","type":"aws_eip","name":"nat","provider_config_key":"aws","expressions":{"domain":{"constant_value":"vpc"}},"schema_version":0,"count_expression":{"references":["var.enable_nat_gateway"]}},{"address":"aws_iam_openid_connect_provider.github","mode":"managed","type":"aws_iam_openid_connect_provider","name":"github","provider_config_key":"aws","expressions":{"client_id_list":{"constant_value":["sts.amazonaws.com"]},"thumbprint_list":{"constant_value":["6938fd4d98bab03faadb97b34396831e3780aea1"]},"url":{"constant_value":"https://token.actions.githubusercontent.com"}},"schema_version":0},{"address":"aws_iam_role.ecs_task","mode":"managed","type":"aws_iam_role","name":"ecs_task","provider_config_key":"aws","expressions":{"assume_role_policy":{},"name":{"references":["local.name_prefix"]}},"schema_version":0},{"address":"aws_iam_role.ecs_task_execution","mode":"managed","type":"aws_iam_role","name":"ecs_task_execution","provider_config_key":"aws","expressions":{"assume_role_policy":{},"name":{"references":["local.name_prefix"]}},"schema_version":0},{"address":"aws_iam_role.github_actions","mode":"managed","type":"aws_iam_role","name":"github_actions","provider_config_key":"aws","expressions":{"assume_role_policy":{"references":["data.aws_iam_policy_document.github_assume_role.json","data.aws_iam_policy_document.github_assume_role"]},"name":{"references":["local.name_prefix"]}},"schema_version":0},{"address":"aws_iam_role.lambda","mode":"managed","type":"aws_iam_role","name":"lambda","provider_config_key":"aws","expressions":{"assume_role_policy":{},"name":{"references":["local.name_prefix"]}},"schema_version":0},{"address":"aws_iam_role_policy.github_ecr","mode":"managed","type":"aws_iam_role_policy","name":"github_ecr","provider_config_key":"aws","expressions":{"name":{"references":["local.name_prefix"]},"policy":{"references":["data.aws_iam_policy_document.github_ecr.json","data.aws_iam_policy_document.github_ecr"]},"role":{"references":["aws_iam_role.github_actions.id","aws_iam_role.github_actions"]}},"schema_version":0},{"address":"aws_iam_role_policy.lambda_run_task","mode":"managed","type":"aws_iam_role_policy","name":"lambda_run_task","provider_config_key":"aws","expressions":{"name":{"references":["local.name_prefix"]},"policy":{"references":["data.aws_iam_policy_document.lambda_run_task.json","data.aws_iam_policy_document.lambda_run_task"]},"role":{"references":["aws_iam_role.lambda.id","aws_iam_role.lambda"]}},"schema_version":0},{"address":"aws_iam_role_policy.task_state_access","mode":"managed","type":"aws_iam_role_policy","name":"task_state_access","provider_config_key":"aws","expressions":{"name":{"references":["local.name_prefix"]},"policy":{"references":["data.aws_iam_policy_document.task_state_access.json","data.aws_iam_policy_document.task_state_access"]},"role":{"references":["aws_iam_role.ecs_task.id","aws_iam_role.ecs_task"]}},"schema_version":0},{"address":"aws_iam_role_policy_attachment.ecs_task_execution","mode":"managed","type":"aws_iam_role_policy_attachment","name":"ecs_task_execution","provider_config_key":"aws","expressions":{"policy_arn":{"references":["data.aws_partition.current.partition","data.aws_partition.current"]},"role":{"references":["aws_iam_role.ecs_task_execution.name","aws_iam_role.ecs_task_execution"]}},"schema_version":0},{"address":"aws_iam_role_policy_attachment.lambda_basic","mode":"managed","type":"aws_iam_role_policy_attachment","name":"lambda_basic","provider_config_key":"aws","expressions":{"policy_arn":{"references":["data.aws_partition.current.partition","data.aws_partition.current"]},"role":{"references":["aws_iam_role.lambda.name","aws_iam_role.lambda"]}},"schema_version":0},{"address":"aws_internet_gateway.igw","mode":"managed","type":"aws_internet_gateway","name":"igw","provider_config_key":"aws","expressions":{"vpc_id":{"references":["aws_vpc.main.id","aws_vpc.main"]}},"schema_version":0},{"address":"aws_kms_alias.tf_state","mode":"managed","type":"aws_kms_alias","name":"tf_state","provider_config_key":"aws","expressions":{"name":{"references":["local.name_prefix"]},"target_key_id":{"references":["aws_kms_key.tf_state.key_id","aws_kms_key.tf_state"]}},"schema_version":0},{"address":"aws_kms_key.tf_state","mode":"managed","type":"aws_kms_key","name":"tf_state","provider_config_key":"aws","expressions":{"deletion_window_in_days":{"constant_value":30},"description":{"constant_value":"KMS key for Terraform remote state encryption"},"enable_key_rotation":{"constant_value":true}},"schema_version":0},{"address":"aws_lambda_function.trigger","mode":"managed","type":"aws_lambda_function","name":"trigger","provider_config_key":"aws","expressions":{"environment":[{"variables":{"references":["aws_ecs_cluster.runner.arn","aws_ecs_cluster.runner","aws_ecs_task_definition.runner.arn","aws_ecs_task_definition.runner","aws_subnet.private","aws_security_group.runner.id","aws_security_group.runner"]}}],"filename":{"references":["data.archive_file.lambda_zip.output_path","data.archive_file.lambda_zip"]},"function_name":{"references":["local.name_prefix"]},"handler":{"constant_value":"lambda_function.handler"},"role":{"references":["aws_iam_role.lambda.arn","aws_iam_role.lambda"]},"runtime":{"constant_value":"python3.12"},"source_code_hash":{"references":["data.archive_file.lambda_zip.output_base64sha256","data.archive_file.lambda_zip"]},"timeout":{"constant_value":30}},"schema_version":0},{"address":"aws_lambda_permission.allow_eventbridge","mode":"managed","type":"aws_lambda_permission","name":"allow_eventbridge","provider_config_key":"aws","expressions":{"action":{"constant_value":"lambda:InvokeFunction"},"function_name":{"references":["aws_lambda_function.trigger.function_name","aws_lambda_function.trigger"]},"principal":{"constant_value":"events.amazonaws.com"},"source_arn":{"references":["aws_cloudwatch_event_rule.schedule[0].arn","aws_cloudwatch_event_rule.schedule[0]","aws_cloudwatch_event_rule.schedule"]},"statement_id":{"constant_value":"AllowExecutionFromEventBridge"}},"schema_version":0,"count_expression":{"references":["var.enable_eventbridge_schedule"]}},{"address":"aws_nat_gateway.nat","mode":"managed","type":"aws_nat_gateway","name":"nat","provider_config_key":"aws","expressions":{"allocation_id":{"references":["aws_eip.nat[0].id","aws_eip.nat[0]","aws_eip.nat"]},"subnet_id":{"references":["aws_subnet.public"]}},"schema_version":0,"count_expression":{"references":["var.enable_nat_gateway"]},"depends_on":["aws_internet_gateway.igw"]},{"address":"aws_route.private_egress","mode":"managed","type":"aws_route","name":"private_egress","provider_config_key":"aws","expressions":{"destination_cidr_block":{"constant_value":"0.0.0.0/0"},"nat_gateway_id":{"references":["aws_nat_gateway.nat[0].id","aws_nat_gateway.nat[0]","aws_nat_gateway.nat"]},"route_table_id":{"references":["aws_route_table.private.id","aws_route_table.private"]}},"schema_version":0,"count_expression":{"references":["var.enable_nat_gateway"]}},{"address":"aws_route.public_internet","mode":"managed","type":"aws_route","name":"public_internet","provider_config_key":"aws","expressions":{"destination_cidr_block":{"constant_value":"0.0.0.0/0"},"gateway_id":{"references":["aws_internet_gateway.igw.id","aws_internet_gateway.igw"]},"route_table_id":{"references":["aws_route_table.public.id","aws_route_table.public"]}},"schema_version":0},{"address":"aws_route_table.private","mode":"managed","type":"aws_route_table","name":"private","provider_config_key":"aws","expressions":{"vpc_id":{"references":["aws_vpc.main.id","aws_vpc.main"]}},"schema_version":0},{"address":"aws_route_table.public","mode":"managed","type":"aws_route_table","name":"public","provider_config_key":"aws","expressions":{"vpc_id":{"references":["aws_vpc.main.id","aws_vpc.main"]}},"schema_version":0},{"address":"aws_route_table_association.private","mode":"managed","type":"aws_route_table_association","name":"private","provider_config_key":"aws","expressions":{"route_table_id":{"references":["aws_route_table.private.id","aws_route_table.private"]},"subnet_id":{"references":["each.value.id","each.value"]}},"schema_version":0,"for_each_expression":{"references":["aws_subnet.private"]}},{"address":"aws_route_table_association.public","mode":"managed","type":"aws_route_table_association","name":"public","provider_config_key":"aws","expressions":{"route_table_id":{"references":["aws_route_table.public.id","aws_route_table.public"]},"subnet_id":{"references":["each.value.id","each.value"]}},"schema_version":0,"for_each_expression":{"references":["aws_subnet.public"]}},{"address":"aws_s3_bucket.tf_state","mode":"managed","type":"aws_s3_bucket","name":"tf_state","provider_config_key":"aws","expressions":{"bucket":{"references":["var.state_bucket_name","local.name_prefix","data.aws_caller_identity.current.account_id","data.aws_caller_identity.current","data.aws_region.current.name","data.aws_region.current"]},"force_destroy":{"constant_value":false}},"schema_version":0},{"address":"aws_s3_bucket_ownership_controls.tf_state","mode":"managed","type":"aws_s3_bucket_ownership_controls","name":"tf_state","provider_config_key":"aws","expressions":{"bucket":{"references":["aws_s3_bucket.tf_state.id","aws_s3_bucket.tf_state"]},"rule":[{"object_ownership":{"constant_value":"BucketOwnerEnforced"}}]},"schema_version":0},{"address":"aws_s3_bucket_public_access_block.tf_state","mode":"managed","type":"aws_s3_bucket_public_access_block","name":"tf_state","provider_config_key":"aws","expressions":{"block_public_acls":{"constant_value":true},"block_public_policy":{"constant_value":true},"bucket":{"references":["aws_s3_bucket.tf_state.id","aws_s3_bucket.tf_state"]},"ignore_public_acls":{"constant_value":true},"restrict_public_buckets":{"constant_value":true}},"schema_version":0},{"address":"aws_s3_bucket_server_side_encryption_configuration.tf_state","mode":"managed","type":"aws_s3_bucket_server_side_encryption_configuration","name":"tf_state","provider_config_key":"aws","expressions":{"bucket":{"references":["aws_s3_bucket.tf_state.id","aws_s3_bucket.tf_state"]},"rule":[{"apply_server_side_encryption_by_default":[{"kms_master_key_id":{"references":["aws_kms_key.tf_state.arn","aws_kms_key.tf_state"]},"sse_algorithm":{"constant_value":"aws:kms"}}]}]},"schema_version":0},{"address":"aws_s3_bucket_versioning.tf_state","mode":"managed","type":"aws_s3_bucket_versioning","name":"tf_state","provider_config_key":"aws","expressions":{"bucket":{"references":["aws_s3_bucket.tf_state.id","aws_s3_bucket.tf_state"]},"versioning_configuration":[{"status":{"constant_value":"Enabled"}}]},"schema_version":0},{"address":"aws_security_group.runner","mode":"managed","type":"aws_security_group","name":"runner","provider_config_key":"aws","expressions":{"description":{"constant_value":"No inbound; allow all egress (via NAT)"},"egress":{"constant_value":[{"cidr_blocks":["0.0.0.0/0"],"description":"Allow all egress","from_port":0,"ipv6_cidr_blocks":null,"prefix_list_ids":null,"protocol":"-1","security_groups":null,"self":null,"to_port":0}]},"ingress":{"constant_value":[{"cidr_blocks":[],"description":"No inbound","from_port":0,"ipv6_cidr_blocks":null,"prefix_list_ids":null,"protocol":"-1","security_groups":null,"self":null,"to_port":0}]},"name":{"references":["local.name_prefix"]},"vpc_id":{"references":["aws_vpc.main.id","aws_vpc.main"]}},"schema_version":1},{"address":"aws_subnet.private","mode":"managed","type":"aws_subnet","name":"private","provider_config_key":"aws","expressions":{"availability_zone":{"references":["each.value"]},"cidr_block":{"references":["var.vpc_cidr","each.key"]},"vpc_id":{"references":["aws_vpc.main.id","aws_vpc.main"]}},"schema_version":1,"for_each_expression":{"references":["local.azs"]}},{"address":"aws_subnet.public","mode":"managed","type":"aws_subnet","name":"public","provider_config_key":"aws","expressions":{"availability_zone":{"references":["each.value"]},"cidr_block":{"references":["var.vpc_cidr","each.key"]},"map_public_ip_on_launch":{"constant_value":true},"vpc_id":{"references":["aws_vpc.main.id","aws_vpc.main"]}},"schema_version":1,"for_each_expression":{"references":["local.azs"]}},{"address":"aws_vpc.main","mode":"managed","type":"aws_vpc","name":"main","provider_config_key":"aws","expressions":{"cidr_block":{"references":["var.vpc_cidr"]},"enable_dns_hostnames":{"constant_value":true},"enable_dns_support":{"constant_value":true}},"schema_version":1},{"address":"data.archive_file.lambda_dummy","mode":"data","type":"archive_file","name":"lambda_dummy","provider_config_key":"archive","expressions":{"output_path":{"references":["local.lambda_dummy_zip"]},"source":[{"content":{"constant_value":"exports.handler = async (event) =\u003e {\n  console.log(\"Dummy lambda invoked\");\n  return { statusCode: 200, body: \"dummy\" };\n};\n"},"filename":{"constant_value":"index.js"}}],"type":{"constant_value":"zip"}},"schema_version":0},{"address":"data.archive_file.lambda_zip","mode":"data","type":"archive_file","name":"lambda_zip","provider_config_key":"archive","expressions":{"output_path":{"references":["path.module"]},"source":[{"content":{"constant_value":"import os\nimport json\nimport boto3\n\necs = boto3.client(\"ecs\")\n\ndef handler(event, context):\n    cluster = os.environ[\"CLUSTER_ARN\"]\n    task_def = os.environ[\"TASK_DEFINITION_ARN\"]\n    subnets = os.environ[\"SUBNETS\"].split(\",\")\n    security_groups = os.environ[\"SECURITY_GROUPS\"].split(\",\")\n\n    resp = ecs.run_task(\n        cluster=cluster,\n        taskDefinition=task_def,\n        launchType=\"FARGATE\",\n        networkConfiguration={\n            \"awsvpcConfiguration\": {\n                \"subnets\": subnets,\n                \"securityGroups\": security_groups,\n                \"assignPublicIp\": \"DISABLED\",\n            }\n        },\n        count=1,\n    )\n\n    return {\n        \"statusCode\": 200,\n        \"body\": json.dumps(resp, default=str),\n    }\n"},"filename":{"constant_value":"lambda_function.py"}}],"type":{"constant_value":"zip"}},"schema_version":0},{"address":"data.aws_availability_zones.available","mode":"data","type":"aws_availability_zones","name":"available","provider_config_key":"aws","expressions":{"state":{"constant_value":"available"}},"schema_version":0},{"address":"data.aws_caller_identity.current","mode":"data","type":"aws_caller_identity","name":"current","provider_config_key":"aws","schema_version":0},{"address":"data.aws_iam_policy_document.github_assume_role","mode":"data","type":"aws_iam_policy_document","name":"github_assume_role","provider_config_key":"aws","expressions":{"statement":[{"actions":{"constant_value":["sts:AssumeRoleWithWebIdentity"]},"condition":[{"test":{"constant_value":"StringEquals"},"values":{"constant_value":["sts.amazonaws.com"]},"variable":{"constant_value":"token.actions.githubusercontent.com:aud"}},{"test":{"constant_value":"StringLike"},"values":{"references":["var.github_org","var.github_repo","var.github_branch"]},"variable":{"constant_value":"token.actions.githubusercontent.com:sub"}}],"effect":{"constant_value":"Allow"},"principals":[{"identifiers":{"references":["aws_iam_openid_connect_provider.github.arn","aws_iam_openid_connect_provider.github"]},"type":{"constant_value":"Federated"}}]}]},"schema_version":0},{"address":"data.aws_iam_policy_document.github_ecr","mode":"data","type":"aws_iam_policy_document","name":"github_ecr","provider_config_key":"aws","expressions":{"statement":[{"actions":{"constant_value":["ecr:GetAuthorizationToken"]},"effect":{"constant_value":"Allow"},"resources":{"constant_value":["*"]},"sid":{"constant_value":"EcrAuth"}},{"actions":{"constant_value":["ecr:BatchCheckLayerAvailability","ecr:BatchGetImage","ecr:CompleteLayerUpload","ecr:DescribeImages","ecr:DescribeRepositories","ecr:GetDownloadUrlForLayer","ecr:InitiateLayerUpload","ecr:ListImages","ecr:PutImage","ecr:UploadLayerPart"]},"effect":{"constant_value":"Allow"},"resources":{"references":["aws_ecr_repository.tooling.arn","aws_ecr_repository.tooling"]},"sid":{"constant_value":"EcrPushPull"}}]},"schema_version":0},{"address":"data.aws_iam_policy_document.lambda_run_task","mode":"data","type":"aws_iam_policy_document","name":"lambda_run_task","provider_config_key":"aws","expressions":{"statement":[{"actions":{"constant_value":["ecs:RunTask"]},"effect":{"constant_value":"Allow"},"resources":{"references":["aws_ecs_task_definition.runner.arn","aws_ecs_task_definition.runner"]}},{"actions":{"constant_value":["iam:PassRole"]},"effect":{"constant_value":"Allow"},"resources":{"references":["aws_iam_role.ecs_task_execution.arn","aws_iam_role.ecs_task_execution","aws_iam_role.ecs_task.arn","aws_iam_role.ecs_task"]}}]},"schema_version":0},{"address":"data.aws_iam_policy_document.task_state_access","mode":"data","type":"aws_iam_policy_document","name":"task_state_access","provider_config_key":"aws","expressions":{"statement":[{"actions":{"constant_value":["s3:ListBucket"]},"effect":{"constant_value":"Allow"},"resources":{"references":["aws_s3_bucket.tf_state.arn","aws_s3_bucket.tf_state"]}},{"actions":{"constant_value":["s3:GetObject","s3:PutObject","s3:DeleteObject"]},"effect":{"constant_value":"Allow"},"resources":{"references":["aws_s3_bucket.tf_state.arn","aws_s3_bucket.tf_state"]}},{"actions":{"constant_value":["dynamodb:GetItem","dynamodb:PutItem","dynamodb:DeleteItem","dynamodb:UpdateItem","dynamodb:DescribeTable"]},"effect":{"constant_value":"Allow"},"resources":{"references":["aws_dynamodb_table.tf_lock.arn","aws_dynamodb_table.tf_lock"]}},{"actions":{"constant_value":["kms:Decrypt","kms:Encrypt","kms:GenerateDataKey","kms:DescribeKey"]},"effect":{"constant_value":"Allow"},"resources":{"references":["aws_kms_key.tf_state.arn","aws_kms_key.tf_state"]}}]},"schema_version":0},{"address":"data.aws_partition.current","mode":"data","type":"aws_partition","name":"current","provider_config_key":"aws","schema_version":0},{"address":"data.aws_region.current","mode":"data","type":"aws_region","name":"current","provider_config_key":"aws","schema_version":0}],"variables":{"aws_region":{"default":"us-east-1","description":"AWS region to deploy into."},"az_count":{"default":2,"description":"Number of AZs to use (2 recommended)."},"ecr_image_tag":{"default":"latest","description":"Default image tag used by the ECS task definition."},"ecr_lifecycle_keep_last":{"default":30,"description":"How many images to keep in ECR."},"ecr_repository_name":{"default":"custom-alpine-terraform","description":"ECR repository name to store the tooling image."},"enable_eventbridge_schedule":{"default":false,"description":"Whether to create an EventBridge schedule to trigger the runner."},"enable_nat_gateway":{"default":true,"description":"Whether to create a NAT gateway for private subnets egress."},"environment":{"default":"dev","description":"Environment name (e.g., dev, staging, prod)."},"eventbridge_schedule_expression":{"default":"rate(1 day)","description":"EventBridge schedule expression (e.g., rate(1 day) or cron(...))."},"github_branch":{"default":"main","description":"Branch allowed to assume the GitHub Actions role."},"github_org":{"description":"GitHub organization or user that owns the repository."},"github_repo":{"description":"GitHub repository name (without org)."},"project_name":{"default":"custom-alpine-terraform","description":"Project/name prefix used for resource naming."},"runner_command":{"default":["tail","-f","/dev/null"],"description":"Command array for the ECS task. Defaults to a no-op tail to keep container alive. Override to run terraform/tf-migrate."},"runner_cpu":{"default":256,"description":"Fargate task CPU units."},"runner_memory":{"default":512,"description":"Fargate task memory (MiB)."},"state_bucket_name":{"default":null,"description":"Optional explicit name for the Terraform state S3 bucket. If null, a unique name is generated."},"tags":{"default":{},"description":"Additional tags to apply to all resources."},"vpc_cidr":{"default":"10.20.0.0/16","description":"CIDR block for the VPC."}}}},"relevant_attributes":[{"resource":"aws_kms_key.tf_state","attribute":["key_id"]},{"resource":"aws_vpc.main","attribute":["id"]},{"resource":"data.aws_caller_identity.current","attribute":["account_id"]},{"resource":"data.aws_region.current","attribute":["name"]},{"resource":"aws_route_table.public","attribute":["id"]},{"resource":"aws_iam_role.github_actions","attribute":["id"]},{"resource":"data.archive_file.lambda_zip","attribute":["output_base64sha256"]},{"resource":"aws_iam_role.ecs_task","attribute":["id"]},{"resource":"aws_iam_role.ecs_task_execution","attribute":["arn"]},{"resource":"aws_internet_gateway.igw","attribute":["id"]},{"resource":"aws_iam_role.lambda","attribute":["arn"]},{"resource":"data.archive_file.lambda_zip","attribute":["output_path"]},{"resource":"data.aws_iam_policy_document.task_state_access","attribute":["json"]},{"resource":"aws_kms_key.tf_state","attribute":["arn"]},{"resource":"aws_ecr_repository.tooling","attribute":["arn"]},{"resource":"data.aws_availability_zones.available","attribute":["names"]},{"resource":"aws_nat_gateway.nat[0]","attribute":["id"]},{"resource":"data.aws_iam_policy_document.lambda_run_task","attribute":["json"]},{"resource":"aws_iam_role.ecs_task","attribute":["arn"]},{"resource":"aws_ecs_cluster.runner","attribute":["arn"]},{"resource":"aws_ecr_repository.tooling","attribute":["repository_url"]},{"resource":"aws_iam_openid_connect_provider.github","attribute":["arn"]},{"resource":"aws_security_group.runner","attribute":["id"]},{"resource":"aws_subnet.private","attribute":[]},{"resource":"data.aws_iam_policy_document.github_ecr","attribute":["json"]},{"resource":"aws_s3_bucket.tf_state","attribute":["bucket"]},{"resource":"data.aws_partition.current","attribute":["partition"]},{"resource":"aws_lambda_function.trigger","attribute":["function_name"]},{"resource":"aws_iam_role.ecs_task_execution","attribute":["name"]},{"resource":"aws_cloudwatch_log_group.runner","attribute":["name"]},{"resource":"aws_iam_role.lambda","attribute":["name"]},{"resource":"aws_dynamodb_table.tf_lock","attribute":["name"]},{"resource":"aws_dynamodb_table.tf_lock","attribute":["arn"]},{"resource":"aws_s3_bucket.tf_state","attribute":["arn"]},{"resource":"aws_eip.nat[0]","attribute":["id"]},{"resource":"data.aws_iam_policy_document.github_assume_role","attribute":["json"]},{"resource":"aws_ecr_repository.tooling","attribute":["name"]},{"resource":"aws_subnet.public","attribute":[]},{"resource":"aws_iam_role.github_actions","attribute":["arn"]},{"resource":"aws_route_table.private","attribute":["id"]},{"resource":"aws_ecs_task_definition.runner","attribute":["arn"]},{"resource":"aws_iam_role.lambda","attribute":["id"]},{"resource":"aws_s3_bucket.tf_state","attribute":["id"]}],"timestamp":"2026-01-27T19:50:16Z","applyable":true,"complete":true,"errored":false}
