{"format_version":"1.2","terraform_version":"1.13.5","variables":{"aws_region":{"value":"us-east-1"},"bucket_name":{"value":"etl-pipeline-artifacts"}},"planned_values":{"outputs":{"s3_bucket_arn":{"sensitive":false}},"root_module":{"resources":[{"address":"aws_s3_bucket.etl_data","mode":"managed","type":"aws_s3_bucket","name":"etl_data","provider_name":"registry.terraform.io/hashicorp/aws","schema_version":0,"values":{"bucket":"etl-pipeline-artifacts","force_destroy":false,"region":"us-east-1","tags":{"Environment":"dev","Name":"etl-pipeline-artifacts"},"tags_all":{"Environment":"dev","Name":"etl-pipeline-artifacts"},"timeouts":null},"sensitive_values":{"cors_rule":[],"grant":[],"lifecycle_rule":[],"logging":[],"object_lock_configuration":[],"replication_configuration":[],"server_side_encryption_configuration":[],"tags":{},"tags_all":{},"versioning":[],"website":[]},"identity_schema_version":0,"identity":{"account_id":null,"bucket":null,"region":null}},{"address":"random_id.suffix","mode":"managed","type":"random_id","name":"suffix","provider_name":"registry.terraform.io/hashicorp/random","schema_version":0,"values":{"byte_length":4,"keepers":null,"prefix":null},"sensitive_values":{}}]}},"resource_changes":[{"address":"aws_s3_bucket.etl_data","mode":"managed","type":"aws_s3_bucket","name":"etl_data","provider_name":"registry.terraform.io/hashicorp/aws","change":{"actions":["create"],"before":null,"after":{"bucket":"etl-pipeline-artifacts","force_destroy":false,"region":"us-east-1","tags":{"Environment":"dev","Name":"etl-pipeline-artifacts"},"tags_all":{"Environment":"dev","Name":"etl-pipeline-artifacts"},"timeouts":null},"after_unknown":{"acceleration_status":true,"acl":true,"arn":true,"bucket_domain_name":true,"bucket_prefix":true,"bucket_region":true,"bucket_regional_domain_name":true,"cors_rule":true,"grant":true,"hosted_zone_id":true,"id":true,"lifecycle_rule":true,"logging":true,"object_lock_configuration":true,"object_lock_enabled":true,"policy":true,"replication_configuration":true,"request_payer":true,"server_side_encryption_configuration":true,"tags":{},"tags_all":{},"versioning":true,"website":true,"website_domain":true,"website_endpoint":true},"before_sensitive":false,"after_sensitive":{"cors_rule":[],"grant":[],"lifecycle_rule":[],"logging":[],"object_lock_configuration":[],"replication_configuration":[],"server_side_encryption_configuration":[],"tags":{},"tags_all":{},"versioning":[],"website":[]},"after_identity":{"account_id":null,"bucket":null,"region":null}}},{"address":"random_id.suffix","mode":"managed","type":"random_id","name":"suffix","provider_name":"registry.terraform.io/hashicorp/random","change":{"actions":["create"],"before":null,"after":{"byte_length":4,"keepers":null,"prefix":null},"after_unknown":{"b64_std":true,"b64_url":true,"dec":true,"hex":true,"id":true},"before_sensitive":false,"after_sensitive":{}}}],"output_changes":{"s3_bucket_arn":{"actions":["create"],"before":null,"after_unknown":true,"before_sensitive":false,"after_sensitive":false}},"configuration":{"provider_config":{"aws":{"name":"aws","full_name":"registry.terraform.io/hashicorp/aws","version_constraint":"\u003e= 5.0.0","expressions":{"region":{"references":["var.aws_region"]}}},"random":{"name":"random","full_name":"registry.terraform.io/hashicorp/random"}},"root_module":{"outputs":{"s3_bucket_arn":{"expression":{"references":["aws_s3_bucket.etl_data.arn","aws_s3_bucket.etl_data"]},"description":"ARN of the S3 bucket for ETL data."}},"resources":[{"address":"aws_s3_bucket.etl_data","mode":"managed","type":"aws_s3_bucket","name":"etl_data","provider_config_key":"aws","expressions":{"bucket":{"references":["var.bucket_name"]},"tags":{"constant_value":{"Environment":"dev","Name":"etl-pipeline-artifacts"}}},"schema_version":0},{"address":"random_id.suffix","mode":"managed","type":"random_id","name":"suffix","provider_config_key":"random","expressions":{"byte_length":{"constant_value":4}},"schema_version":0}],"variables":{"aws_region":{"default":"us-east-1","description":"AWS region to deploy resources in."},"bucket_name":{"default":"etl-pipeline-artifacts","description":"Name of the S3 bucket to store data."}}}},"relevant_attributes":[{"resource":"aws_s3_bucket.etl_data","attribute":["arn"]}],"timestamp":"2026-01-23T14:12:22Z","applyable":true,"complete":true,"errored":false}
