
Terraform used the selected providers to generate the following execution
plan. Resource actions are indicated with the following symbols:
  + create

Terraform will perform the following actions:

  # aws_dynamodb_table.this will be created
  + resource "aws_dynamodb_table" "this" {
      + arn              = (known after apply)
      + billing_mode     = "PAY_PER_REQUEST"
      + hash_key         = "pk"
      + id               = (known after apply)
      + name             = "example-table"
      + range_key        = "sk"
      + read_capacity    = (known after apply)
      + stream_arn       = (known after apply)
      + stream_label     = (known after apply)
      + stream_view_type = (known after apply)
      + tags_all         = {
          + "Managed" = "terraform"
          + "Project" = "localstack"
        }
      + write_capacity   = (known after apply)

      + attribute {
          + name = "pk"
          + type = "S"
        }
      + attribute {
          + name = "sk"
          + type = "S"
        }

      + point_in_time_recovery {
          + enabled                 = true
          + recovery_period_in_days = (known after apply)
        }

      + server_side_encryption (known after apply)

      + ttl (known after apply)
    }

Plan: 1 to add, 0 to change, 0 to destroy.

Changes to Outputs:
  + dynamodb_table_name = "example-table"
  + localstack_endpoint = "http://localhost:4566"
aws_dynamodb_table.this: Creating...
aws_dynamodb_table.this: Creation complete after 2s [id=example-table]

Apply complete! Resources: 1 added, 0 changed, 0 destroyed.

Outputs:

dynamodb_table_name = "example-table"
localstack_endpoint = "http://localhost:4566"
