{"format_version":"1.2","terraform_version":"1.13.5","variables":{"aws_access_key_id":{"value":"devopshobbies"},"aws_region":{"value":"eu-central-1"},"aws_secret_access_key":{"value":"devopshobbies"},"dynamodb_table_name":{"value":"example-table"},"localstack_endpoint":{"value":"http://localhost:4566"},"tags":{"value":{"Managed":"terraform","Project":"localstack"}}},"planned_values":{"outputs":{"dynamodb_table_name":{"sensitive":false,"type":"string","value":"example-table"},"localstack_endpoint":{"sensitive":false,"type":"string","value":"http://localhost:4566"}},"root_module":{"resources":[{"address":"aws_dynamodb_table.this","mode":"managed","type":"aws_dynamodb_table","name":"this","provider_name":"registry.terraform.io/hashicorp/aws","schema_version":1,"values":{"attribute":[{"name":"pk","type":"S"},{"name":"sk","type":"S"}],"billing_mode":"PAY_PER_REQUEST","deletion_protection_enabled":null,"global_secondary_index":[],"hash_key":"pk","import_table":[],"local_secondary_index":[],"name":"example-table","on_demand_throughput":[],"point_in_time_recovery":[{"enabled":true}],"range_key":"sk","replica":[],"restore_date_time":null,"restore_source_name":null,"restore_source_table_arn":null,"restore_to_latest_time":null,"stream_enabled":null,"table_class":null,"tags":null,"tags_all":{"Managed":"terraform","Project":"localstack"},"timeouts":null},"sensitive_values":{"attribute":[{},{}],"global_secondary_index":[],"import_table":[],"local_secondary_index":[],"on_demand_throughput":[],"point_in_time_recovery":[{}],"replica":[],"server_side_encryption":[],"tags_all":{},"ttl":[]}}]}},"resource_changes":[{"address":"aws_dynamodb_table.this","mode":"managed","type":"aws_dynamodb_table","name":"this","provider_name":"registry.terraform.io/hashicorp/aws","change":{"actions":["create"],"before":null,"after":{"attribute":[{"name":"pk","type":"S"},{"name":"sk","type":"S"}],"billing_mode":"PAY_PER_REQUEST","deletion_protection_enabled":null,"global_secondary_index":[],"hash_key":"pk","import_table":[],"local_secondary_index":[],"name":"example-table","on_demand_throughput":[],"point_in_time_recovery":[{"enabled":true}],"range_key":"sk","replica":[],"restore_date_time":null,"restore_source_name":null,"restore_source_table_arn":null,"restore_to_latest_time":null,"stream_enabled":null,"table_class":null,"tags":null,"tags_all":{"Managed":"terraform","Project":"localstack"},"timeouts":null},"after_unknown":{"arn":true,"attribute":[{},{}],"global_secondary_index":[],"id":true,"import_table":[],"local_secondary_index":[],"on_demand_throughput":[],"point_in_time_recovery":[{"recovery_period_in_days":true}],"read_capacity":true,"replica":[],"server_side_encryption":true,"stream_arn":true,"stream_label":true,"stream_view_type":true,"tags_all":{},"ttl":true,"write_capacity":true},"before_sensitive":false,"after_sensitive":{"attribute":[{},{}],"global_secondary_index":[],"import_table":[],"local_secondary_index":[],"on_demand_throughput":[],"point_in_time_recovery":[{}],"replica":[],"server_side_encryption":[],"tags_all":{},"ttl":[]}}}],"output_changes":{"dynamodb_table_name":{"actions":["create"],"before":null,"after":"example-table","after_unknown":false,"before_sensitive":false,"after_sensitive":false},"localstack_endpoint":{"actions":["create"],"before":null,"after":"http://localhost:4566","after_unknown":false,"before_sensitive":false,"after_sensitive":false}},"prior_state":{"format_version":"1.0","terraform_version":"1.13.5","values":{"outputs":{"dynamodb_table_name":{"sensitive":false,"value":"example-table","type":"string"},"localstack_endpoint":{"sensitive":false,"value":"http://localhost:4566","type":"string"}},"root_module":{}}},"configuration":{"provider_config":{"aws":{"name":"aws","full_name":"registry.terraform.io/hashicorp/aws","version_constraint":"~\u003e 5.0","expressions":{"access_key":{"references":["var.aws_access_key_id"]},"default_tags":[{"tags":{"references":["var.tags"]}}],"endpoints":[{"dynamodb":{"references":["var.localstack_endpoint"]},"iam":{"references":["var.localstack_endpoint"]},"sts":{"references":["var.localstack_endpoint"]}}],"region":{"references":["var.aws_region"]},"secret_key":{"references":["var.aws_secret_access_key"]},"skip_credentials_validation":{"constant_value":true},"skip_metadata_api_check":{"constant_value":true},"skip_requesting_account_id":{"constant_value":true}}}},"root_module":{"outputs":{"dynamodb_table_name":{"expression":{"references":["aws_dynamodb_table.this.name","aws_dynamodb_table.this"]},"description":"Created DynamoDB table name."},"localstack_endpoint":{"expression":{"references":["var.localstack_endpoint"]},"description":"LocalStack edge endpoint used by the provider."}},"resources":[{"address":"aws_dynamodb_table.this","mode":"managed","type":"aws_dynamodb_table","name":"this","provider_config_key":"aws","expressions":{"attribute":[{"name":{"constant_value":"pk"},"type":{"constant_value":"S"}},{"name":{"constant_value":"sk"},"type":{"constant_value":"S"}}],"billing_mode":{"constant_value":"PAY_PER_REQUEST"},"hash_key":{"constant_value":"pk"},"name":{"references":["var.dynamodb_table_name"]},"point_in_time_recovery":[{"enabled":{"constant_value":true}}],"range_key":{"constant_value":"sk"}},"schema_version":1}],"variables":{"aws_access_key_id":{"default":"devopshobbies","description":"Dummy access key for LocalStack."},"aws_region":{"default":"eu-central-1","description":"AWS region (LocalStack uses this for request signing/partitioning)."},"aws_secret_access_key":{"default":"devopshobbies","description":"Dummy secret key for LocalStack.","sensitive":true},"dynamodb_table_name":{"default":"example-table","description":"Name of the DynamoDB table to create in LocalStack."},"localstack_endpoint":{"default":"http://localhost:4566","description":"LocalStack edge endpoint (e.g., http://localhost:4566)."},"tags":{"default":{"Managed":"terraform","Project":"localstack"},"description":"Default tags applied to resources."}}}},"relevant_attributes":[{"resource":"aws_dynamodb_table.this","attribute":["name"]}],"timestamp":"2026-01-27T08:25:07Z","applyable":true,"complete":true,"errored":false}
