{"format_version":"1.2","terraform_version":"1.13.5","planned_values":{"outputs":{"rest_api_id":{"sensitive":false}},"root_module":{"resources":[{"address":"aws_api_gateway_deployment.api_deployment","mode":"managed","type":"aws_api_gateway_deployment","name":"api_deployment","provider_name":"registry.terraform.io/hashicorp/aws","schema_version":0,"values":{"description":null,"stage_description":null,"stage_name":"dev","triggers":null,"variables":null},"sensitive_values":{}},{"address":"aws_api_gateway_integration.add_product_integration","mode":"managed","type":"aws_api_gateway_integration","name":"add_product_integration","provider_name":"registry.terraform.io/hashicorp/aws","schema_version":0,"values":{"cache_key_parameters":null,"connection_id":null,"connection_type":"INTERNET","content_handling":null,"credentials":null,"http_method":"POST","integration_http_method":"POST","request_parameters":null,"request_templates":null,"timeout_milliseconds":29000,"tls_config":[],"type":"AWS_PROXY"},"sensitive_values":{"tls_config":[]}},{"address":"aws_api_gateway_integration.get_product_integration","mode":"managed","type":"aws_api_gateway_integration","name":"get_product_integration","provider_name":"registry.terraform.io/hashicorp/aws","schema_version":0,"values":{"cache_key_parameters":null,"connection_id":null,"connection_type":"INTERNET","content_handling":null,"credentials":null,"http_method":"GET","integration_http_method":"GET","request_parameters":null,"request_templates":null,"timeout_milliseconds":29000,"tls_config":[],"type":"AWS_PROXY"},"sensitive_values":{"tls_config":[]}},{"address":"aws_api_gateway_method.add_product","mode":"managed","type":"aws_api_gateway_method","name":"add_product","provider_name":"registry.terraform.io/hashicorp/aws","schema_version":0,"values":{"api_key_required":false,"authorization":"NONE","authorization_scopes":null,"authorizer_id":null,"http_method":"POST","operation_name":null,"request_models":null,"request_parameters":null,"request_validator_id":null},"sensitive_values":{}},{"address":"aws_api_gateway_method.get_product","mode":"managed","type":"aws_api_gateway_method","name":"get_product","provider_name":"registry.terraform.io/hashicorp/aws","schema_version":0,"values":{"api_key_required":false,"authorization":"NONE","authorization_scopes":null,"authorizer_id":null,"http_method":"GET","operation_name":null,"request_models":null,"request_parameters":{"method.request.querystring.id":true},"request_validator_id":null},"sensitive_values":{"request_parameters":{}}},{"address":"aws_api_gateway_resource.product_api","mode":"managed","type":"aws_api_gateway_resource","name":"product_api","provider_name":"registry.terraform.io/hashicorp/aws","schema_version":0,"values":{"path_part":"productApi"},"sensitive_values":{}},{"address":"aws_api_gateway_rest_api.api","mode":"managed","type":"aws_api_gateway_rest_api","name":"api","provider_name":"registry.terraform.io/hashicorp/aws","schema_version":0,"values":{"body":null,"description":"API Gateway for products","endpoint_configuration":[{"types":["REGIONAL"]}],"fail_on_warnings":null,"name":"product-api-gateway","parameters":null,"put_rest_api_mode":null,"tags":null},"sensitive_values":{"binary_media_types":[],"endpoint_configuration":[{"types":[false],"vpc_endpoint_ids":[]}],"tags_all":{}}},{"address":"aws_dynamodb_table.Products","mode":"managed","type":"aws_dynamodb_table","name":"Products","provider_name":"registry.terraform.io/hashicorp/aws","schema_version":1,"values":{"attribute":[{"name":"id","type":"S"}],"billing_mode":"PROVISIONED","deletion_protection_enabled":null,"global_secondary_index":[],"hash_key":"id","import_table":[],"local_secondary_index":[],"name":"Products","range_key":null,"read_capacity":5,"replica":[],"restore_date_time":null,"restore_source_name":null,"restore_to_latest_time":null,"stream_enabled":null,"table_class":null,"tags":{"Name":"Products"},"tags_all":{"Name":"Products"},"timeouts":null,"write_capacity":5},"sensitive_values":{"attribute":[{}],"global_secondary_index":[],"import_table":[],"local_secondary_index":[],"point_in_time_recovery":[],"replica":[],"server_side_encryption":[],"tags":{},"tags_all":{},"ttl":[]}},{"address":"aws_iam_policy.lambda_cloudwatch_policy","mode":"managed","type":"aws_iam_policy","name":"lambda_cloudwatch_policy","provider_name":"registry.terraform.io/hashicorp/aws","schema_version":0,"values":{"description":"IAM policy for Lambda to log to CloudWatch","name":"lambda_cloudwatch_policy","path":"/","policy":"{\"Statement\":[{\"Action\":[\"logs:CreateLogGroup\",\"logs:CreateLogStream\",\"logs:PutLogEvents\"],\"Effect\":\"Allow\",\"Resource\":\"arn:aws:logs:*:*:*\"}],\"Version\":\"2012-10-17\"}","tags":null},"sensitive_values":{"tags_all":{}}},{"address":"aws_iam_policy.lambda_dynamodb_policy","mode":"managed","type":"aws_iam_policy","name":"lambda_dynamodb_policy","provider_name":"registry.terraform.io/hashicorp/aws","schema_version":0,"values":{"description":"IAM policy for accessing DynamoDB from Lambda","name":"LambdaDynamoDBAccess","path":"/","policy":"{\"Statement\":[{\"Action\":[\"dynamodb:GetItem\",\"dynamodb:UpdateItem\",\"dynamodb:PutItem\"],\"Effect\":\"Allow\",\"Resource\":\"*\"}],\"Version\":\"2012-10-17\"}","tags":null},"sensitive_values":{"tags_all":{}}},{"address":"aws_iam_role.lambda_execution_role","mode":"managed","type":"aws_iam_role","name":"lambda_execution_role","provider_name":"registry.terraform.io/hashicorp/aws","schema_version":0,"values":{"assume_role_policy":"{\"Statement\":[{\"Action\":\"sts:AssumeRole\",\"Effect\":\"Allow\",\"Principal\":{\"Service\":\"lambda.amazonaws.com\"}}],\"Version\":\"2012-10-17\"}","description":null,"force_detach_policies":false,"max_session_duration":3600,"name":"productRole","path":"/","permissions_boundary":null,"tags":null},"sensitive_values":{"inline_policy":[],"managed_policy_arns":[],"tags_all":{}}},{"address":"aws_iam_role_policy_attachment.lambda_dynamodb_access","mode":"managed","type":"aws_iam_role_policy_attachment","name":"lambda_dynamodb_access","provider_name":"registry.terraform.io/hashicorp/aws","schema_version":0,"values":{"role":"productRole"},"sensitive_values":{}},{"address":"aws_iam_role_policy_attachment.lambda_logs_cloudwatch","mode":"managed","type":"aws_iam_role_policy_attachment","name":"lambda_logs_cloudwatch","provider_name":"registry.terraform.io/hashicorp/aws","schema_version":0,"values":{"role":"productRole"},"sensitive_values":{}},{"address":"aws_lambda_function.add_product","mode":"managed","type":"aws_lambda_function","name":"add_product","provider_name":"registry.terraform.io/hashicorp/aws","schema_version":0,"values":{"code_signing_config_arn":null,"dead_letter_config":[],"description":null,"environment":[],"file_system_config":[],"filename":"product-lambda.jar","function_name":"add-product","handler":"lambda.AddProduct::handleRequest","image_config":[],"image_uri":null,"kms_key_arn":null,"layers":null,"memory_size":1024,"package_type":"Zip","publish":false,"replace_security_groups_on_destroy":null,"replacement_security_group_ids":null,"reserved_concurrent_executions":-1,"runtime":"java21","s3_bucket":null,"s3_key":null,"s3_object_version":null,"skip_destroy":false,"snap_start":[],"source_code_hash":"uM9pN/aFLi98wZmyXWpwBb4nipwIwiJdhnPaO9mGbNU=","tags":null,"timeout":3,"timeouts":null,"vpc_config":[]},"sensitive_values":{"architectures":[],"dead_letter_config":[],"environment":[],"ephemeral_storage":[],"file_system_config":[],"image_config":[],"logging_config":[],"snap_start":[],"tags_all":{},"tracing_config":[],"vpc_config":[]}},{"address":"aws_lambda_function.get_product","mode":"managed","type":"aws_lambda_function","name":"get_product","provider_name":"registry.terraform.io/hashicorp/aws","schema_version":0,"values":{"code_signing_config_arn":null,"dead_letter_config":[],"description":null,"environment":[],"file_system_config":[],"filename":"product-lambda.jar","function_name":"get-product","handler":"lambda.GetProduct::handleRequest","image_config":[],"image_uri":null,"kms_key_arn":null,"layers":null,"memory_size":1024,"package_type":"Zip","publish":false,"replace_security_groups_on_destroy":null,"replacement_security_group_ids":null,"reserved_concurrent_executions":-1,"runtime":"java21","s3_bucket":null,"s3_key":null,"s3_object_version":null,"skip_destroy":false,"snap_start":[],"source_code_hash":"uM9pN/aFLi98wZmyXWpwBb4nipwIwiJdhnPaO9mGbNU=","tags":null,"timeout":3,"timeouts":null,"vpc_config":[]},"sensitive_values":{"architectures":[],"dead_letter_config":[],"environment":[],"ephemeral_storage":[],"file_system_config":[],"image_config":[],"logging_config":[],"snap_start":[],"tags_all":{},"tracing_config":[],"vpc_config":[]}},{"address":"aws_lambda_permission.allow_add_product_from_apigateway","mode":"managed","type":"aws_lambda_permission","name":"allow_add_product_from_apigateway","provider_name":"registry.terraform.io/hashicorp/aws","schema_version":0,"values":{"action":"lambda:InvokeFunction","event_source_token":null,"function_name":"add-product","function_url_auth_type":null,"principal":"apigateway.amazonaws.com","principal_org_id":null,"qualifier":null,"source_account":null,"statement_id":"AllowExecutionFromAPIGatewayPost"},"sensitive_values":{}},{"address":"aws_lambda_permission.allow_get_product_from_apigateway","mode":"managed","type":"aws_lambda_permission","name":"allow_get_product_from_apigateway","provider_name":"registry.terraform.io/hashicorp/aws","schema_version":0,"values":{"action":"lambda:InvokeFunction","event_source_token":null,"function_name":"get-product","function_url_auth_type":null,"principal":"apigateway.amazonaws.com","principal_org_id":null,"qualifier":null,"source_account":null,"statement_id":"AllowExecutionFromAPIGatewayGet"},"sensitive_values":{}}]}},"resource_changes":[{"address":"aws_api_gateway_deployment.api_deployment","mode":"managed","type":"aws_api_gateway_deployment","name":"api_deployment","provider_name":"registry.terraform.io/hashicorp/aws","change":{"actions":["create"],"before":null,"after":{"description":null,"stage_description":null,"stage_name":"dev","triggers":null,"variables":null},"after_unknown":{"created_date":true,"execution_arn":true,"id":true,"invoke_url":true,"rest_api_id":true},"before_sensitive":false,"after_sensitive":{}}},{"address":"aws_api_gateway_integration.add_product_integration","mode":"managed","type":"aws_api_gateway_integration","name":"add_product_integration","provider_name":"registry.terraform.io/hashicorp/aws","change":{"actions":["create"],"before":null,"after":{"cache_key_parameters":null,"connection_id":null,"connection_type":"INTERNET","content_handling":null,"credentials":null,"http_method":"POST","integration_http_method":"POST","request_parameters":null,"request_templates":null,"timeout_milliseconds":29000,"tls_config":[],"type":"AWS_PROXY"},"after_unknown":{"cache_namespace":true,"id":true,"passthrough_behavior":true,"resource_id":true,"rest_api_id":true,"tls_config":[],"uri":true},"before_sensitive":false,"after_sensitive":{"tls_config":[]}}},{"address":"aws_api_gateway_integration.get_product_integration","mode":"managed","type":"aws_api_gateway_integration","name":"get_product_integration","provider_name":"registry.terraform.io/hashicorp/aws","change":{"actions":["create"],"before":null,"after":{"cache_key_parameters":null,"connection_id":null,"connection_type":"INTERNET","content_handling":null,"credentials":null,"http_method":"GET","integration_http_method":"GET","request_parameters":null,"request_templates":null,"timeout_milliseconds":29000,"tls_config":[],"type":"AWS_PROXY"},"after_unknown":{"cache_namespace":true,"id":true,"passthrough_behavior":true,"resource_id":true,"rest_api_id":true,"tls_config":[],"uri":true},"before_sensitive":false,"after_sensitive":{"tls_config":[]}}},{"address":"aws_api_gateway_method.add_product","mode":"managed","type":"aws_api_gateway_method","name":"add_product","provider_name":"registry.terraform.io/hashicorp/aws","change":{"actions":["create"],"before":null,"after":{"api_key_required":false,"authorization":"NONE","authorization_scopes":null,"authorizer_id":null,"http_method":"POST","operation_name":null,"request_models":null,"request_parameters":null,"request_validator_id":null},"after_unknown":{"id":true,"resource_id":true,"rest_api_id":true},"before_sensitive":false,"after_sensitive":{}}},{"address":"aws_api_gateway_method.get_product","mode":"managed","type":"aws_api_gateway_method","name":"get_product","provider_name":"registry.terraform.io/hashicorp/aws","change":{"actions":["create"],"before":null,"after":{"api_key_required":false,"authorization":"NONE","authorization_scopes":null,"authorizer_id":null,"http_method":"GET","operation_name":null,"request_models":null,"request_parameters":{"method.request.querystring.id":true},"request_validator_id":null},"after_unknown":{"id":true,"request_parameters":{},"resource_id":true,"rest_api_id":true},"before_sensitive":false,"after_sensitive":{"request_parameters":{}}}},{"address":"aws_api_gateway_resource.product_api","mode":"managed","type":"aws_api_gateway_resource","name":"product_api","provider_name":"registry.terraform.io/hashicorp/aws","change":{"actions":["create"],"before":null,"after":{"path_part":"productApi"},"after_unknown":{"id":true,"parent_id":true,"path":true,"rest_api_id":true},"before_sensitive":false,"after_sensitive":{}}},{"address":"aws_api_gateway_rest_api.api","mode":"managed","type":"aws_api_gateway_rest_api","name":"api","provider_name":"registry.terraform.io/hashicorp/aws","change":{"actions":["create"],"before":null,"after":{"body":null,"description":"API Gateway for products","endpoint_configuration":[{"types":["REGIONAL"]}],"fail_on_warnings":null,"name":"product-api-gateway","parameters":null,"put_rest_api_mode":null,"tags":null},"after_unknown":{"api_key_source":true,"arn":true,"binary_media_types":true,"created_date":true,"disable_execute_api_endpoint":true,"endpoint_configuration":[{"types":[false],"vpc_endpoint_ids":true}],"execution_arn":true,"id":true,"minimum_compression_size":true,"policy":true,"root_resource_id":true,"tags_all":true},"before_sensitive":false,"after_sensitive":{"binary_media_types":[],"endpoint_configuration":[{"types":[false],"vpc_endpoint_ids":[]}],"tags_all":{}}}},{"address":"aws_dynamodb_table.Products","mode":"managed","type":"aws_dynamodb_table","name":"Products","provider_name":"registry.terraform.io/hashicorp/aws","change":{"actions":["create"],"before":null,"after":{"attribute":[{"name":"id","type":"S"}],"billing_mode":"PROVISIONED","deletion_protection_enabled":null,"global_secondary_index":[],"hash_key":"id","import_table":[],"local_secondary_index":[],"name":"Products","range_key":null,"read_capacity":5,"replica":[],"restore_date_time":null,"restore_source_name":null,"restore_to_latest_time":null,"stream_enabled":null,"table_class":null,"tags":{"Name":"Products"},"tags_all":{"Name":"Products"},"timeouts":null,"write_capacity":5},"after_unknown":{"arn":true,"attribute":[{}],"global_secondary_index":[],"id":true,"import_table":[],"local_secondary_index":[],"point_in_time_recovery":true,"replica":[],"server_side_encryption":true,"stream_arn":true,"stream_label":true,"stream_view_type":true,"tags":{},"tags_all":{},"ttl":true},"before_sensitive":false,"after_sensitive":{"attribute":[{}],"global_secondary_index":[],"import_table":[],"local_secondary_index":[],"point_in_time_recovery":[],"replica":[],"server_side_encryption":[],"tags":{},"tags_all":{},"ttl":[]}}},{"address":"aws_iam_policy.lambda_cloudwatch_policy","mode":"managed","type":"aws_iam_policy","name":"lambda_cloudwatch_policy","provider_name":"registry.terraform.io/hashicorp/aws","change":{"actions":["create"],"before":null,"after":{"description":"IAM policy for Lambda to log to CloudWatch","name":"lambda_cloudwatch_policy","path":"/","policy":"{\"Statement\":[{\"Action\":[\"logs:CreateLogGroup\",\"logs:CreateLogStream\",\"logs:PutLogEvents\"],\"Effect\":\"Allow\",\"Resource\":\"arn:aws:logs:*:*:*\"}],\"Version\":\"2012-10-17\"}","tags":null},"after_unknown":{"arn":true,"id":true,"name_prefix":true,"policy_id":true,"tags_all":true},"before_sensitive":false,"after_sensitive":{"tags_all":{}}}},{"address":"aws_iam_policy.lambda_dynamodb_policy","mode":"managed","type":"aws_iam_policy","name":"lambda_dynamodb_policy","provider_name":"registry.terraform.io/hashicorp/aws","change":{"actions":["create"],"before":null,"after":{"description":"IAM policy for accessing DynamoDB from Lambda","name":"LambdaDynamoDBAccess","path":"/","policy":"{\"Statement\":[{\"Action\":[\"dynamodb:GetItem\",\"dynamodb:UpdateItem\",\"dynamodb:PutItem\"],\"Effect\":\"Allow\",\"Resource\":\"*\"}],\"Version\":\"2012-10-17\"}","tags":null},"after_unknown":{"arn":true,"id":true,"name_prefix":true,"policy_id":true,"tags_all":true},"before_sensitive":false,"after_sensitive":{"tags_all":{}}}},{"address":"aws_iam_role.lambda_execution_role","mode":"managed","type":"aws_iam_role","name":"lambda_execution_role","provider_name":"registry.terraform.io/hashicorp/aws","change":{"actions":["create"],"before":null,"after":{"assume_role_policy":"{\"Statement\":[{\"Action\":\"sts:AssumeRole\",\"Effect\":\"Allow\",\"Principal\":{\"Service\":\"lambda.amazonaws.com\"}}],\"Version\":\"2012-10-17\"}","description":null,"force_detach_policies":false,"max_session_duration":3600,"name":"productRole","path":"/","permissions_boundary":null,"tags":null},"after_unknown":{"arn":true,"create_date":true,"id":true,"inline_policy":true,"managed_policy_arns":true,"name_prefix":true,"tags_all":true,"unique_id":true},"before_sensitive":false,"after_sensitive":{"inline_policy":[],"managed_policy_arns":[],"tags_all":{}}}},{"address":"aws_iam_role_policy_attachment.lambda_dynamodb_access","mode":"managed","type":"aws_iam_role_policy_attachment","name":"lambda_dynamodb_access","provider_name":"registry.terraform.io/hashicorp/aws","change":{"actions":["create"],"before":null,"after":{"role":"productRole"},"after_unknown":{"id":true,"policy_arn":true},"before_sensitive":false,"after_sensitive":{}}},{"address":"aws_iam_role_policy_attachment.lambda_logs_cloudwatch","mode":"managed","type":"aws_iam_role_policy_attachment","name":"lambda_logs_cloudwatch","provider_name":"registry.terraform.io/hashicorp/aws","change":{"actions":["create"],"before":null,"after":{"role":"productRole"},"after_unknown":{"id":true,"policy_arn":true},"before_sensitive":false,"after_sensitive":{}}},{"address":"aws_lambda_function.add_product","mode":"managed","type":"aws_lambda_function","name":"add_product","provider_name":"registry.terraform.io/hashicorp/aws","change":{"actions":["create"],"before":null,"after":{"code_signing_config_arn":null,"dead_letter_config":[],"description":null,"environment":[],"file_system_config":[],"filename":"product-lambda.jar","function_name":"add-product","handler":"lambda.AddProduct::handleRequest","image_config":[],"image_uri":null,"kms_key_arn":null,"layers":null,"memory_size":1024,"package_type":"Zip","publish":false,"replace_security_groups_on_destroy":null,"replacement_security_group_ids":null,"reserved_concurrent_executions":-1,"runtime":"java21","s3_bucket":null,"s3_key":null,"s3_object_version":null,"skip_destroy":false,"snap_start":[],"source_code_hash":"uM9pN/aFLi98wZmyXWpwBb4nipwIwiJdhnPaO9mGbNU=","tags":null,"timeout":3,"timeouts":null,"vpc_config":[]},"after_unknown":{"architectures":true,"arn":true,"dead_letter_config":[],"environment":[],"ephemeral_storage":true,"file_system_config":[],"id":true,"image_config":[],"invoke_arn":true,"last_modified":true,"logging_config":true,"qualified_arn":true,"qualified_invoke_arn":true,"role":true,"signing_job_arn":true,"signing_profile_version_arn":true,"snap_start":[],"source_code_size":true,"tags_all":true,"tracing_config":true,"version":true,"vpc_config":[]},"before_sensitive":false,"after_sensitive":{"architectures":[],"dead_letter_config":[],"environment":[],"ephemeral_storage":[],"file_system_config":[],"image_config":[],"logging_config":[],"snap_start":[],"tags_all":{},"tracing_config":[],"vpc_config":[]}}},{"address":"aws_lambda_function.get_product","mode":"managed","type":"aws_lambda_function","name":"get_product","provider_name":"registry.terraform.io/hashicorp/aws","change":{"actions":["create"],"before":null,"after":{"code_signing_config_arn":null,"dead_letter_config":[],"description":null,"environment":[],"file_system_config":[],"filename":"product-lambda.jar","function_name":"get-product","handler":"lambda.GetProduct::handleRequest","image_config":[],"image_uri":null,"kms_key_arn":null,"layers":null,"memory_size":1024,"package_type":"Zip","publish":false,"replace_security_groups_on_destroy":null,"replacement_security_group_ids":null,"reserved_concurrent_executions":-1,"runtime":"java21","s3_bucket":null,"s3_key":null,"s3_object_version":null,"skip_destroy":false,"snap_start":[],"source_code_hash":"uM9pN/aFLi98wZmyXWpwBb4nipwIwiJdhnPaO9mGbNU=","tags":null,"timeout":3,"timeouts":null,"vpc_config":[]},"after_unknown":{"architectures":true,"arn":true,"dead_letter_config":[],"environment":[],"ephemeral_storage":true,"file_system_config":[],"id":true,"image_config":[],"invoke_arn":true,"last_modified":true,"logging_config":true,"qualified_arn":true,"qualified_invoke_arn":true,"role":true,"signing_job_arn":true,"signing_profile_version_arn":true,"snap_start":[],"source_code_size":true,"tags_all":true,"tracing_config":true,"version":true,"vpc_config":[]},"before_sensitive":false,"after_sensitive":{"architectures":[],"dead_letter_config":[],"environment":[],"ephemeral_storage":[],"file_system_config":[],"image_config":[],"logging_config":[],"snap_start":[],"tags_all":{},"tracing_config":[],"vpc_config":[]}}},{"address":"aws_lambda_permission.allow_add_product_from_apigateway","mode":"managed","type":"aws_lambda_permission","name":"allow_add_product_from_apigateway","provider_name":"registry.terraform.io/hashicorp/aws","change":{"actions":["create"],"before":null,"after":{"action":"lambda:InvokeFunction","event_source_token":null,"function_name":"add-product","function_url_auth_type":null,"principal":"apigateway.amazonaws.com","principal_org_id":null,"qualifier":null,"source_account":null,"statement_id":"AllowExecutionFromAPIGatewayPost"},"after_unknown":{"id":true,"source_arn":true,"statement_id_prefix":true},"before_sensitive":false,"after_sensitive":{}}},{"address":"aws_lambda_permission.allow_get_product_from_apigateway","mode":"managed","type":"aws_lambda_permission","name":"allow_get_product_from_apigateway","provider_name":"registry.terraform.io/hashicorp/aws","change":{"actions":["create"],"before":null,"after":{"action":"lambda:InvokeFunction","event_source_token":null,"function_name":"get-product","function_url_auth_type":null,"principal":"apigateway.amazonaws.com","principal_org_id":null,"qualifier":null,"source_account":null,"statement_id":"AllowExecutionFromAPIGatewayGet"},"after_unknown":{"id":true,"source_arn":true,"statement_id_prefix":true},"before_sensitive":false,"after_sensitive":{}}}],"output_changes":{"rest_api_id":{"actions":["create"],"before":null,"after_unknown":true,"before_sensitive":false,"after_sensitive":false}},"prior_state":{"format_version":"1.0","terraform_version":"1.13.5","values":{"root_module":{"resources":[{"address":"data.archive_file.lambda_dummy","mode":"data","type":"archive_file","name":"lambda_dummy","provider_name":"registry.terraform.io/hashicorp/archive","schema_version":0,"values":{"exclude_symlink_directories":null,"excludes":null,"id":"58e93fade67637870be5af38eff8d5aa66c7da49","output_base64sha256":"wmbalFzzY/wG3ivChKElOZB3+B4gptmQyIat05p+fU4=","output_base64sha512":"BQYAg1LwEY4tDmry1VoRx6StX0vjH+7LpfB5KAZLVvfJQjioPbBv1QxI6QF6P2U614fU3h9XKBCb9z5Y1ornqA==","output_file_mode":null,"output_md5":"a0dbd832a6a977d6d5b28ea5c85e30fb","output_path":"./.dummy/lambda.zip","output_sha":"58e93fade67637870be5af38eff8d5aa66c7da49","output_sha256":"c266da945cf363fc06de2bc284a125399077f81e20a6d990c886add39a7e7d4e","output_sha512":"0506008352f0118e2d0e6af2d55a11c7a4ad5f4be31feecba5f07928064b56f7c94238a83db06fd50c48e9017a3f653ad787d4de1f5728109bf73e58d68ae7a8","output_size":246,"source":[{"content":"exports.handler = async (event) =\u003e {\n  console.log(\"Dummy lambda invoked\");\n  return { statusCode: 200, body: \"dummy\" };\n};\n","filename":"index.js"}],"source_content":null,"source_content_filename":null,"source_dir":null,"source_file":null,"type":"zip"},"sensitive_values":{"source":[{}]}}]}}},"configuration":{"provider_config":{"archive":{"name":"archive","full_name":"registry.terraform.io/hashicorp/archive"},"aws":{"name":"aws","full_name":"registry.terraform.io/hashicorp/aws","version_constraint":"5.44.0","expressions":{"region":{"constant_value":"us-east-1"}}}},"root_module":{"outputs":{"rest_api_id":{"expression":{"references":["aws_api_gateway_rest_api.api.id","aws_api_gateway_rest_api.api"]},"description":"Rest API id"}},"resources":[{"address":"aws_api_gateway_deployment.api_deployment","mode":"managed","type":"aws_api_gateway_deployment","name":"api_deployment","provider_config_key":"aws","expressions":{"rest_api_id":{"references":["aws_api_gateway_rest_api.api.id","aws_api_gateway_rest_api.api"]},"stage_name":{"constant_value":"dev"}},"schema_version":0,"depends_on":["aws_api_gateway_integration.get_product_integration","aws_api_gateway_integration.add_product_integration"]},{"address":"aws_api_gateway_integration.add_product_integration","mode":"managed","type":"aws_api_gateway_integration","name":"add_product_integration","provider_config_key":"aws","expressions":{"http_method":{"references":["aws_api_gateway_method.add_product.http_method","aws_api_gateway_method.add_product"]},"integration_http_method":{"constant_value":"POST"},"resource_id":{"references":["aws_api_gateway_resource.product_api.id","aws_api_gateway_resource.product_api"]},"rest_api_id":{"references":["aws_api_gateway_rest_api.api.id","aws_api_gateway_rest_api.api"]},"type":{"constant_value":"AWS_PROXY"},"uri":{"references":["aws_lambda_function.add_product.invoke_arn","aws_lambda_function.add_product"]}},"schema_version":0},{"address":"aws_api_gateway_integration.get_product_integration","mode":"managed","type":"aws_api_gateway_integration","name":"get_product_integration","provider_config_key":"aws","expressions":{"http_method":{"references":["aws_api_gateway_method.get_product.http_method","aws_api_gateway_method.get_product"]},"integration_http_method":{"constant_value":"GET"},"resource_id":{"references":["aws_api_gateway_resource.product_api.id","aws_api_gateway_resource.product_api"]},"rest_api_id":{"references":["aws_api_gateway_rest_api.api.id","aws_api_gateway_rest_api.api"]},"type":{"constant_value":"AWS_PROXY"},"uri":{"references":["aws_lambda_function.get_product.invoke_arn","aws_lambda_function.get_product"]}},"schema_version":0},{"address":"aws_api_gateway_method.add_product","mode":"managed","type":"aws_api_gateway_method","name":"add_product","provider_config_key":"aws","expressions":{"authorization":{"constant_value":"NONE"},"http_method":{"constant_value":"POST"},"resource_id":{"references":["aws_api_gateway_resource.product_api.id","aws_api_gateway_resource.product_api"]},"rest_api_id":{"references":["aws_api_gateway_rest_api.api.id","aws_api_gateway_rest_api.api"]}},"schema_version":0},{"address":"aws_api_gateway_method.get_product","mode":"managed","type":"aws_api_gateway_method","name":"get_product","provider_config_key":"aws","expressions":{"api_key_required":{"constant_value":false},"authorization":{"constant_value":"NONE"},"http_method":{"constant_value":"GET"},"request_parameters":{"constant_value":{"method.request.querystring.id":true}},"resource_id":{"references":["aws_api_gateway_resource.product_api.id","aws_api_gateway_resource.product_api"]},"rest_api_id":{"references":["aws_api_gateway_rest_api.api.id","aws_api_gateway_rest_api.api"]}},"schema_version":0},{"address":"aws_api_gateway_resource.product_api","mode":"managed","type":"aws_api_gateway_resource","name":"product_api","provider_config_key":"aws","expressions":{"parent_id":{"references":["aws_api_gateway_rest_api.api.root_resource_id","aws_api_gateway_rest_api.api"]},"path_part":{"constant_value":"productApi"},"rest_api_id":{"references":["aws_api_gateway_rest_api.api.id","aws_api_gateway_rest_api.api"]}},"schema_version":0},{"address":"aws_api_gateway_rest_api.api","mode":"managed","type":"aws_api_gateway_rest_api","name":"api","provider_config_key":"aws","expressions":{"description":{"constant_value":"API Gateway for products"},"endpoint_configuration":[{"types":{"constant_value":["REGIONAL"]}}],"name":{"constant_value":"product-api-gateway"}},"schema_version":0},{"address":"aws_dynamodb_table.Products","mode":"managed","type":"aws_dynamodb_table","name":"Products","provider_config_key":"aws","expressions":{"attribute":[{"name":{"constant_value":"id"},"type":{"constant_value":"S"}}],"billing_mode":{"constant_value":"PROVISIONED"},"hash_key":{"constant_value":"id"},"name":{"constant_value":"Products"},"read_capacity":{"constant_value":5},"tags":{"constant_value":{"Name":"Products"}},"write_capacity":{"constant_value":5}},"schema_version":1},{"address":"aws_iam_policy.lambda_cloudwatch_policy","mode":"managed","type":"aws_iam_policy","name":"lambda_cloudwatch_policy","provider_config_key":"aws","expressions":{"description":{"constant_value":"IAM policy for Lambda to log to CloudWatch"},"name":{"constant_value":"lambda_cloudwatch_policy"},"policy":{}},"schema_version":0},{"address":"aws_iam_policy.lambda_dynamodb_policy","mode":"managed","type":"aws_iam_policy","name":"lambda_dynamodb_policy","provider_config_key":"aws","expressions":{"description":{"constant_value":"IAM policy for accessing DynamoDB from Lambda"},"name":{"constant_value":"LambdaDynamoDBAccess"},"policy":{}},"schema_version":0},{"address":"aws_iam_role.lambda_execution_role","mode":"managed","type":"aws_iam_role","name":"lambda_execution_role","provider_config_key":"aws","expressions":{"assume_role_policy":{},"name":{"constant_value":"productRole"}},"schema_version":0},{"address":"aws_iam_role_policy_attachment.lambda_dynamodb_access","mode":"managed","type":"aws_iam_role_policy_attachment","name":"lambda_dynamodb_access","provider_config_key":"aws","expressions":{"policy_arn":{"references":["aws_iam_policy.lambda_dynamodb_policy.arn","aws_iam_policy.lambda_dynamodb_policy"]},"role":{"references":["aws_iam_role.lambda_execution_role.name","aws_iam_role.lambda_execution_role"]}},"schema_version":0},{"address":"aws_iam_role_policy_attachment.lambda_logs_cloudwatch","mode":"managed","type":"aws_iam_role_policy_attachment","name":"lambda_logs_cloudwatch","provider_config_key":"aws","expressions":{"policy_arn":{"references":["aws_iam_policy.lambda_cloudwatch_policy.arn","aws_iam_policy.lambda_cloudwatch_policy"]},"role":{"references":["aws_iam_role.lambda_execution_role.name","aws_iam_role.lambda_execution_role"]}},"schema_version":0},{"address":"aws_lambda_function.add_product","mode":"managed","type":"aws_lambda_function","name":"add_product","provider_config_key":"aws","expressions":{"filename":{"constant_value":"product-lambda.jar"},"function_name":{"constant_value":"add-product"},"handler":{"constant_value":"lambda.AddProduct::handleRequest"},"memory_size":{"constant_value":1024},"role":{"references":["aws_iam_role.lambda_execution_role.arn","aws_iam_role.lambda_execution_role"]},"runtime":{"constant_value":"java21"},"source_code_hash":{}},"schema_version":0},{"address":"aws_lambda_function.get_product","mode":"managed","type":"aws_lambda_function","name":"get_product","provider_config_key":"aws","expressions":{"filename":{"constant_value":"product-lambda.jar"},"function_name":{"constant_value":"get-product"},"handler":{"constant_value":"lambda.GetProduct::handleRequest"},"memory_size":{"constant_value":1024},"role":{"references":["aws_iam_role.lambda_execution_role.arn","aws_iam_role.lambda_execution_role"]},"runtime":{"constant_value":"java21"},"source_code_hash":{}},"schema_version":0},{"address":"aws_lambda_permission.allow_add_product_from_apigateway","mode":"managed","type":"aws_lambda_permission","name":"allow_add_product_from_apigateway","provider_config_key":"aws","expressions":{"action":{"constant_value":"lambda:InvokeFunction"},"function_name":{"references":["aws_lambda_function.add_product.function_name","aws_lambda_function.add_product"]},"principal":{"constant_value":"apigateway.amazonaws.com"},"source_arn":{"references":["aws_api_gateway_rest_api.api.execution_arn","aws_api_gateway_rest_api.api"]},"statement_id":{"constant_value":"AllowExecutionFromAPIGatewayPost"}},"schema_version":0},{"address":"aws_lambda_permission.allow_get_product_from_apigateway","mode":"managed","type":"aws_lambda_permission","name":"allow_get_product_from_apigateway","provider_config_key":"aws","expressions":{"action":{"constant_value":"lambda:InvokeFunction"},"function_name":{"references":["aws_lambda_function.get_product.function_name","aws_lambda_function.get_product"]},"principal":{"constant_value":"apigateway.amazonaws.com"},"source_arn":{"references":["aws_api_gateway_rest_api.api.execution_arn","aws_api_gateway_rest_api.api"]},"statement_id":{"constant_value":"AllowExecutionFromAPIGatewayGet"}},"schema_version":0},{"address":"data.archive_file.lambda_dummy","mode":"data","type":"archive_file","name":"lambda_dummy","provider_config_key":"archive","expressions":{"output_path":{"references":["local.lambda_dummy_zip"]},"source":[{"content":{"constant_value":"exports.handler = async (event) =\u003e {\n  console.log(\"Dummy lambda invoked\");\n  return { statusCode: 200, body: \"dummy\" };\n};\n"},"filename":{"constant_value":"index.js"}}],"type":{"constant_value":"zip"}},"schema_version":0}]}},"relevant_attributes":[{"resource":"aws_api_gateway_method.add_product","attribute":["http_method"]},{"resource":"aws_lambda_function.add_product","attribute":["function_name"]},{"resource":"aws_api_gateway_resource.product_api","attribute":["id"]},{"resource":"aws_iam_policy.lambda_cloudwatch_policy","attribute":["arn"]},{"resource":"aws_api_gateway_method.get_product","attribute":["http_method"]},{"resource":"aws_iam_role.lambda_execution_role","attribute":["arn"]},{"resource":"aws_api_gateway_rest_api.api","attribute":["id"]},{"resource":"aws_api_gateway_rest_api.api","attribute":["root_resource_id"]},{"resource":"aws_iam_policy.lambda_dynamodb_policy","attribute":["arn"]},{"resource":"aws_iam_role.lambda_execution_role","attribute":["name"]},{"resource":"aws_lambda_function.add_product","attribute":["invoke_arn"]},{"resource":"aws_lambda_function.get_product","attribute":["function_name"]},{"resource":"aws_api_gateway_rest_api.api","attribute":["execution_arn"]},{"resource":"aws_lambda_function.get_product","attribute":["invoke_arn"]}],"timestamp":"2026-01-27T11:00:56Z","applyable":true,"complete":true,"errored":false}
