{"format_version":"1.2","terraform_version":"1.13.5","variables":{"s3_bucket":{"value":"rockset-public"},"s3_key":{"value":"iterator.zip"},"target_lambda":{"value":"235189492"}},"planned_values":{"root_module":{"resources":[{"address":"aws_iam_role.hfl-sfn","mode":"managed","type":"aws_iam_role","name":"hfl-sfn","provider_name":"registry.terraform.io/hashicorp/aws","schema_version":0,"values":{"assume_role_policy":"{\"Statement\":[{\"Action\":\"sts:AssumeRole\",\"Effect\":\"Allow\",\"Principal\":{\"Service\":[\"states.us-west-2.amazonaws.com\",\"events.amazonaws.com\"]}}],\"Version\":\"2012-10-17\"}","description":null,"force_detach_policies":false,"max_session_duration":3600,"name":"hfl-sfn","path":"/","permissions_boundary":null,"tags":null},"sensitive_values":{"inline_policy":[],"managed_policy_arns":[],"tags_all":{}},"identity_schema_version":0,"identity":{"account_id":null,"name":null}},{"address":"aws_iam_role.iterator","mode":"managed","type":"aws_iam_role","name":"iterator","provider_name":"registry.terraform.io/hashicorp/aws","schema_version":0,"values":{"assume_role_policy":"{\"Statement\":[{\"Action\":\"sts:AssumeRole\",\"Effect\":\"Allow\",\"Principal\":{\"Service\":\"lambda.amazonaws.com\"}}],\"Version\":\"2012-10-17\"}","description":null,"force_detach_policies":false,"max_session_duration":3600,"name":"hfl-iterator","path":"/","permissions_boundary":null,"tags":null},"sensitive_values":{"inline_policy":[],"managed_policy_arns":[],"tags_all":{}},"identity_schema_version":0,"identity":{"account_id":null,"name":null}},{"address":"aws_iam_role_policy.hfl","mode":"managed","type":"aws_iam_role_policy","name":"hfl","provider_name":"registry.terraform.io/hashicorp/aws","schema_version":0,"values":{"name":"hfl-iterator","policy":"{\"Version\":\"2012-10-17\",\"Statement\":[{\"Action\":[\"logs:CreateLogGroup\",\"logs:CreateLogStream\",\"logs:PutLogEvents\"],\"Effect\":\"Allow\",\"Resource\":\"arn:aws:logs:*:*:*\"},{\"Action\":[\"lambda:InvokeFunction\"],\"Effect\":\"Allow\",\"Resource\":\"235189492\"}]}"},"sensitive_values":{},"identity_schema_version":0,"identity":{"account_id":null,"name":null,"role":null}},{"address":"aws_iam_role_policy.hfl-lambda-execution","mode":"managed","type":"aws_iam_role_policy","name":"hfl-lambda-execution","provider_name":"registry.terraform.io/hashicorp/aws","schema_version":0,"values":{"name":"hfl-lambda-execution","policy":"{\"Version\":\"2012-10-17\",\"Statement\":[{\"Action\":[\"lambda:InvokeFunction\",\"states:StartExecution\"],\"Effect\":\"Allow\",\"Resource\":\"*\"}]}"},"sensitive_values":{},"identity_schema_version":0,"identity":{"account_id":null,"name":null,"role":null}},{"address":"aws_lambda_function.iterator","mode":"managed","type":"aws_lambda_function","name":"iterator","provider_name":"registry.terraform.io/hashicorp/aws","schema_version":0,"values":{"capacity_provider_config":[],"code_signing_config_arn":null,"dead_letter_config":[],"description":null,"durable_config":[],"environment":[{"variables":{"LAMBDA":"235189492","REGION":"us-west-2"}}],"file_system_config":[],"filename":null,"function_name":"hfl-iterator","handler":"bootstrap","image_config":[],"image_uri":null,"kms_key_arn":null,"layers":null,"memory_size":128,"package_type":"Zip","publish":false,"publish_to":null,"region":"us-east-1","replace_security_groups_on_destroy":null,"replacement_security_group_ids":null,"reserved_concurrent_executions":-1,"runtime":"provided.al2","s3_bucket":"rockset-public","s3_key":"iterator.zip","s3_object_version":null,"skip_destroy":false,"snap_start":[],"source_kms_key_arn":null,"tags":null,"tenancy_config":[],"timeout":5,"timeouts":null,"vpc_config":[]},"sensitive_values":{"architectures":[],"capacity_provider_config":[],"dead_letter_config":[],"durable_config":[],"environment":[{"variables":{}}],"ephemeral_storage":[],"file_system_config":[],"image_config":[],"logging_config":[],"snap_start":[],"tags_all":{},"tenancy_config":[],"tracing_config":[],"vpc_config":[]},"identity_schema_version":0,"identity":{"account_id":null,"function_name":null,"region":null}},{"address":"aws_sfn_state_machine.hfl","mode":"managed","type":"aws_sfn_state_machine","name":"hfl","provider_name":"registry.terraform.io/hashicorp/aws","schema_version":0,"values":{"name":"hfl-state-machine","publish":false,"region":"us-east-1","tags":null,"timeouts":null,"type":"STANDARD"},"sensitive_values":{"encryption_configuration":[],"logging_configuration":[],"tags_all":{},"tracing_configuration":[]},"identity_schema_version":0,"identity":{"arn":null}}]}},"resource_changes":[{"address":"aws_iam_role.hfl-sfn","mode":"managed","type":"aws_iam_role","name":"hfl-sfn","provider_name":"registry.terraform.io/hashicorp/aws","change":{"actions":["create"],"before":null,"after":{"assume_role_policy":"{\"Statement\":[{\"Action\":\"sts:AssumeRole\",\"Effect\":\"Allow\",\"Principal\":{\"Service\":[\"states.us-west-2.amazonaws.com\",\"events.amazonaws.com\"]}}],\"Version\":\"2012-10-17\"}","description":null,"force_detach_policies":false,"max_session_duration":3600,"name":"hfl-sfn","path":"/","permissions_boundary":null,"tags":null},"after_unknown":{"arn":true,"create_date":true,"id":true,"inline_policy":true,"managed_policy_arns":true,"name_prefix":true,"tags_all":true,"unique_id":true},"before_sensitive":false,"after_sensitive":{"inline_policy":[],"managed_policy_arns":[],"tags_all":{}},"after_identity":{"account_id":null,"name":null}}},{"address":"aws_iam_role.iterator","mode":"managed","type":"aws_iam_role","name":"iterator","provider_name":"registry.terraform.io/hashicorp/aws","change":{"actions":["create"],"before":null,"after":{"assume_role_policy":"{\"Statement\":[{\"Action\":\"sts:AssumeRole\",\"Effect\":\"Allow\",\"Principal\":{\"Service\":\"lambda.amazonaws.com\"}}],\"Version\":\"2012-10-17\"}","description":null,"force_detach_policies":false,"max_session_duration":3600,"name":"hfl-iterator","path":"/","permissions_boundary":null,"tags":null},"after_unknown":{"arn":true,"create_date":true,"id":true,"inline_policy":true,"managed_policy_arns":true,"name_prefix":true,"tags_all":true,"unique_id":true},"before_sensitive":false,"after_sensitive":{"inline_policy":[],"managed_policy_arns":[],"tags_all":{}},"after_identity":{"account_id":null,"name":null}}},{"address":"aws_iam_role_policy.hfl","mode":"managed","type":"aws_iam_role_policy","name":"hfl","provider_name":"registry.terraform.io/hashicorp/aws","change":{"actions":["create"],"before":null,"after":{"name":"hfl-iterator","policy":"{\"Version\":\"2012-10-17\",\"Statement\":[{\"Action\":[\"logs:CreateLogGroup\",\"logs:CreateLogStream\",\"logs:PutLogEvents\"],\"Effect\":\"Allow\",\"Resource\":\"arn:aws:logs:*:*:*\"},{\"Action\":[\"lambda:InvokeFunction\"],\"Effect\":\"Allow\",\"Resource\":\"235189492\"}]}"},"after_unknown":{"id":true,"name_prefix":true,"role":true},"before_sensitive":false,"after_sensitive":{},"after_identity":{"account_id":null,"name":null,"role":null}}},{"address":"aws_iam_role_policy.hfl-lambda-execution","mode":"managed","type":"aws_iam_role_policy","name":"hfl-lambda-execution","provider_name":"registry.terraform.io/hashicorp/aws","change":{"actions":["create"],"before":null,"after":{"name":"hfl-lambda-execution","policy":"{\"Version\":\"2012-10-17\",\"Statement\":[{\"Action\":[\"lambda:InvokeFunction\",\"states:StartExecution\"],\"Effect\":\"Allow\",\"Resource\":\"*\"}]}"},"after_unknown":{"id":true,"name_prefix":true,"role":true},"before_sensitive":false,"after_sensitive":{},"after_identity":{"account_id":null,"name":null,"role":null}}},{"address":"aws_lambda_function.iterator","mode":"managed","type":"aws_lambda_function","name":"iterator","provider_name":"registry.terraform.io/hashicorp/aws","change":{"actions":["create"],"before":null,"after":{"capacity_provider_config":[],"code_signing_config_arn":null,"dead_letter_config":[],"description":null,"durable_config":[],"environment":[{"variables":{"LAMBDA":"235189492","REGION":"us-west-2"}}],"file_system_config":[],"filename":null,"function_name":"hfl-iterator","handler":"bootstrap","image_config":[],"image_uri":null,"kms_key_arn":null,"layers":null,"memory_size":128,"package_type":"Zip","publish":false,"publish_to":null,"region":"us-east-1","replace_security_groups_on_destroy":null,"replacement_security_group_ids":null,"reserved_concurrent_executions":-1,"runtime":"provided.al2","s3_bucket":"rockset-public","s3_key":"iterator.zip","s3_object_version":null,"skip_destroy":false,"snap_start":[],"source_kms_key_arn":null,"tags":null,"tenancy_config":[],"timeout":5,"timeouts":null,"vpc_config":[]},"after_unknown":{"architectures":true,"arn":true,"capacity_provider_config":[],"code_sha256":true,"dead_letter_config":[],"durable_config":[],"environment":[{"variables":{}}],"ephemeral_storage":true,"file_system_config":[],"id":true,"image_config":[],"invoke_arn":true,"last_modified":true,"logging_config":true,"qualified_arn":true,"qualified_invoke_arn":true,"role":true,"signing_job_arn":true,"signing_profile_version_arn":true,"snap_start":[],"source_code_hash":true,"source_code_size":true,"tags_all":true,"tenancy_config":[],"tracing_config":true,"version":true,"vpc_config":[]},"before_sensitive":false,"after_sensitive":{"architectures":[],"capacity_provider_config":[],"dead_letter_config":[],"durable_config":[],"environment":[{"variables":{}}],"ephemeral_storage":[],"file_system_config":[],"image_config":[],"logging_config":[],"snap_start":[],"tags_all":{},"tenancy_config":[],"tracing_config":[],"vpc_config":[]},"after_identity":{"account_id":null,"function_name":null,"region":null}}},{"address":"aws_sfn_state_machine.hfl","mode":"managed","type":"aws_sfn_state_machine","name":"hfl","provider_name":"registry.terraform.io/hashicorp/aws","change":{"actions":["create"],"before":null,"after":{"name":"hfl-state-machine","publish":false,"region":"us-east-1","tags":null,"timeouts":null,"type":"STANDARD"},"after_unknown":{"arn":true,"creation_date":true,"definition":true,"description":true,"encryption_configuration":true,"id":true,"logging_configuration":true,"name_prefix":true,"revision_id":true,"role_arn":true,"state_machine_version_arn":true,"status":true,"tags_all":true,"tracing_configuration":true,"version_description":true},"before_sensitive":false,"after_sensitive":{"encryption_configuration":[],"logging_configuration":[],"tags_all":{},"tracing_configuration":[]},"after_identity":{"arn":null}}}],"prior_state":{"format_version":"1.0","terraform_version":"1.13.5","values":{"root_module":{"resources":[{"address":"data.aws_iam_policy_document.sfn_assume_role_policy_document","mode":"data","type":"aws_iam_policy_document","name":"sfn_assume_role_policy_document","provider_name":"registry.terraform.io/hashicorp/aws","schema_version":0,"values":{"id":"2467195207","json":"{\n  \"Version\": \"2012-10-17\",\n  \"Statement\": [\n    {\n      \"Effect\": \"Allow\",\n      \"Action\": \"sts:AssumeRole\",\n      \"Principal\": {\n        \"Service\": [\n          \"states.us-west-2.amazonaws.com\",\n          \"events.amazonaws.com\"\n        ]\n      }\n    }\n  ]\n}","minified_json":"{\"Version\":\"2012-10-17\",\"Statement\":[{\"Effect\":\"Allow\",\"Action\":\"sts:AssumeRole\",\"Principal\":{\"Service\":[\"states.us-west-2.amazonaws.com\",\"events.amazonaws.com\"]}}]}","override_json":null,"override_policy_documents":null,"policy_id":null,"source_json":null,"source_policy_documents":null,"statement":[{"actions":["sts:AssumeRole"],"condition":[],"effect":"Allow","not_actions":[],"not_principals":[],"not_resources":[],"principals":[{"identifiers":["events.amazonaws.com","states.us-west-2.amazonaws.com"],"type":"Service"}],"resources":[],"sid":""}],"version":"2012-10-17"},"sensitive_values":{"statement":[{"actions":[false],"condition":[],"not_actions":[],"not_principals":[],"not_resources":[],"principals":[{"identifiers":[false,false]}],"resources":[]}]}}]}}},"configuration":{"provider_config":{"archive":{"name":"archive","full_name":"registry.terraform.io/hashicorp/archive","version_constraint":"\u003e= 2.0.0"},"aws":{"name":"aws","full_name":"registry.terraform.io/hashicorp/aws","version_constraint":"~\u003e 6.27.0"}},"root_module":{"resources":[{"address":"aws_iam_role.hfl-sfn","mode":"managed","type":"aws_iam_role","name":"hfl-sfn","provider_config_key":"aws","expressions":{"assume_role_policy":{"references":["data.aws_iam_policy_document.sfn_assume_role_policy_document.json","data.aws_iam_policy_document.sfn_assume_role_policy_document"]},"name":{"constant_value":"hfl-sfn"}},"schema_version":0},{"address":"aws_iam_role.iterator","mode":"managed","type":"aws_iam_role","name":"iterator","provider_config_key":"aws","expressions":{"assume_role_policy":{"references":["path.module"]},"name":{"constant_value":"hfl-iterator"}},"schema_version":0},{"address":"aws_iam_role_policy.hfl","mode":"managed","type":"aws_iam_role_policy","name":"hfl","provider_config_key":"aws","expressions":{"name":{"constant_value":"hfl-iterator"},"policy":{"references":["var.target_lambda"]},"role":{"references":["aws_iam_role.iterator.id","aws_iam_role.iterator"]}},"schema_version":0},{"address":"aws_iam_role_policy.hfl-lambda-execution","mode":"managed","type":"aws_iam_role_policy","name":"hfl-lambda-execution","provider_config_key":"aws","expressions":{"name":{"constant_value":"hfl-lambda-execution"},"policy":{"constant_value":"{\n  \"Version\": \"2012-10-17\",\n  \"Statement\": [\n    {\n      \"Action\": [\n        \"lambda:InvokeFunction\",\n        \"states:StartExecution\"\n      ],\n      \"Effect\": \"Allow\",\n      \"Resource\": \"*\"\n    }\n  ]\n}\n"},"role":{"references":["aws_iam_role.hfl-sfn.id","aws_iam_role.hfl-sfn"]}},"schema_version":0},{"address":"aws_lambda_function.iterator","mode":"managed","type":"aws_lambda_function","name":"iterator","provider_config_key":"aws","expressions":{"environment":[{"variables":{"references":["var.target_lambda"]}}],"function_name":{"constant_value":"hfl-iterator"},"handler":{"constant_value":"bootstrap"},"role":{"references":["aws_iam_role.iterator.arn","aws_iam_role.iterator"]},"runtime":{"constant_value":"provided.al2"},"s3_bucket":{"references":["var.s3_bucket"]},"s3_key":{"references":["var.s3_key"]},"timeout":{"constant_value":5}},"schema_version":0},{"address":"aws_sfn_state_machine.hfl","mode":"managed","type":"aws_sfn_state_machine","name":"hfl","provider_config_key":"aws","expressions":{"definition":{"references":["path.module","aws_lambda_function.iterator.arn","aws_lambda_function.iterator"]},"name":{"constant_value":"hfl-state-machine"},"role_arn":{"references":["aws_iam_role.hfl-sfn.arn","aws_iam_role.hfl-sfn"]}},"schema_version":0,"depends_on":["aws_lambda_function.iterator"]},{"address":"data.aws_iam_policy_document.sfn_assume_role_policy_document","mode":"data","type":"aws_iam_policy_document","name":"sfn_assume_role_policy_document","provider_config_key":"aws","expressions":{"statement":[{"actions":{"constant_value":["sts:AssumeRole"]},"principals":[{"identifiers":{"constant_value":["states.us-west-2.amazonaws.com","events.amazonaws.com"]},"type":{"constant_value":"Service"}}]}]},"schema_version":0}],"variables":{"s3_bucket":{"default":"rockset-public"},"s3_key":{"default":"iterator.zip"},"target_lambda":{"description":"the ARN of the lambda to invoke"}}}},"relevant_attributes":[{"resource":"data.aws_iam_policy_document.sfn_assume_role_policy_document","attribute":["json"]},{"resource":"aws_iam_role.hfl-sfn","attribute":["id"]},{"resource":"aws_iam_role.iterator","attribute":["id"]},{"resource":"aws_iam_role.hfl-sfn","attribute":["arn"]},{"resource":"aws_iam_role.iterator","attribute":["arn"]},{"resource":"aws_lambda_function.iterator","attribute":["arn"]}],"timestamp":"2026-01-25T12:46:59Z","applyable":true,"complete":true,"errored":false}
