{
  "version": 4,
  "terraform_version": "1.13.5",
  "serial": 4,
  "lineage": "319ba7c6-9369-1da2-1073-a0dfa8210d4f",
  "outputs": {
    "cloudtrail_name": {
      "value": "aws-iam-gitops",
      "type": "string"
    },
    "eventbridge_rule_name": {
      "value": "aws-iam-gitops-schedule",
      "type": "string"
    },
    "lambda_function_name": {
      "value": "aws-iam-gitops",
      "type": "string"
    }
  },
  "resources": [
    {
      "mode": "data",
      "type": "archive_file",
      "name": "lambda_dummy",
      "provider": "provider[\"registry.terraform.io/hashicorp/archive\"]",
      "instances": [
        {
          "schema_version": 0,
          "attributes": {
            "exclude_symlink_directories": null,
            "excludes": null,
            "id": "58e93fade67637870be5af38eff8d5aa66c7da49",
            "output_base64sha256": "wmbalFzzY/wG3ivChKElOZB3+B4gptmQyIat05p+fU4=",
            "output_base64sha512": "BQYAg1LwEY4tDmry1VoRx6StX0vjH+7LpfB5KAZLVvfJQjioPbBv1QxI6QF6P2U614fU3h9XKBCb9z5Y1ornqA==",
            "output_file_mode": null,
            "output_md5": "a0dbd832a6a977d6d5b28ea5c85e30fb",
            "output_path": "./.dummy/lambda.zip",
            "output_sha": "58e93fade67637870be5af38eff8d5aa66c7da49",
            "output_sha256": "c266da945cf363fc06de2bc284a125399077f81e20a6d990c886add39a7e7d4e",
            "output_sha512": "0506008352f0118e2d0e6af2d55a11c7a4ad5f4be31feecba5f07928064b56f7c94238a83db06fd50c48e9017a3f653ad787d4de1f5728109bf73e58d68ae7a8",
            "output_size": 246,
            "source": [
              {
                "content": "exports.handler = async (event) =\u003e {\n  console.log(\"Dummy lambda invoked\");\n  return { statusCode: 200, body: \"dummy\" };\n};\n",
                "filename": "index.js"
              }
            ],
            "source_content": null,
            "source_content_filename": null,
            "source_dir": null,
            "source_file": null,
            "type": "zip"
          },
          "sensitive_attributes": [],
          "identity_schema_version": 0
        }
      ]
    },
    {
      "mode": "data",
      "type": "aws_caller_identity",
      "name": "current",
      "provider": "provider[\"registry.terraform.io/hashicorp/aws\"]",
      "instances": [
        {
          "schema_version": 0,
          "attributes": {
            "account_id": "000000000000",
            "arn": "arn:aws:iam::000000000000:root",
            "id": "000000000000",
            "user_id": "AKIAIOSFODNN7EXAMPLE"
          },
          "sensitive_attributes": [],
          "identity_schema_version": 0
        }
      ]
    },
    {
      "mode": "managed",
      "type": "aws_cloudwatch_event_rule",
      "name": "schedule",
      "provider": "provider[\"registry.terraform.io/hashicorp/aws\"]",
      "instances": [
        {
          "schema_version": 1,
          "attributes": {
            "arn": "arn:aws:events:us-east-1:000000000000:rule/aws-iam-gitops-schedule",
            "description": "Scheduled trigger for aws-iam-gitops Lambda",
            "event_bus_name": "default",
            "event_pattern": null,
            "force_destroy": false,
            "id": "aws-iam-gitops-schedule",
            "is_enabled": true,
            "name": "aws-iam-gitops-schedule",
            "name_prefix": "",
            "region": "us-east-1",
            "role_arn": "",
            "schedule_expression": "rate(1 day)",
            "state": "ENABLED",
            "tags": null,
            "tags_all": {
              "App": "aws-iam-gitops"
            }
          },
          "sensitive_attributes": [],
          "identity_schema_version": 0,
          "identity": {
            "account_id": "000000000000",
            "name": "aws-iam-gitops-schedule",
            "region": "us-east-1"
          },
          "private": "eyJzY2hlbWFfdmVyc2lvbiI6IjEifQ=="
        }
      ]
    },
    {
      "mode": "managed",
      "type": "aws_ecr_repository",
      "name": "lambda",
      "provider": "provider[\"registry.terraform.io/hashicorp/aws\"]",
      "instances": [
        {
          "schema_version": 0,
          "attributes": {
            "arn": "arn:aws:ecr:us-east-1:000000000000:repository/aws-iam-gitops",
            "encryption_configuration": [
              {
                "encryption_type": "AES256",
                "kms_key": ""
              }
            ],
            "force_delete": null,
            "id": "aws-iam-gitops",
            "image_scanning_configuration": [
              {
                "scan_on_push": true
              }
            ],
            "image_tag_mutability": "MUTABLE",
            "image_tag_mutability_exclusion_filter": [],
            "name": "aws-iam-gitops",
            "region": "us-east-1",
            "registry_id": "000000000000",
            "repository_url": "000000000000.dkr.ecr.us-east-1.localhost.localstack.cloud:4566/aws-iam-gitops",
            "tags": null,
            "tags_all": {
              "App": "aws-iam-gitops"
            },
            "timeouts": null
          },
          "sensitive_attributes": [],
          "identity_schema_version": 0,
          "identity": {
            "account_id": "000000000000",
            "name": "aws-iam-gitops",
            "region": "us-east-1"
          },
          "private": "eyJlMmJmYjczMC1lY2FhLTExZTYtOGY4OC0zNDM2M2JjN2M0YzAiOnsiZGVsZXRlIjoxMjAwMDAwMDAwMDAwfX0="
        }
      ]
    },
    {
      "mode": "managed",
      "type": "aws_iam_role",
      "name": "lambda",
      "provider": "provider[\"registry.terraform.io/hashicorp/aws\"]",
      "instances": [
        {
          "schema_version": 0,
          "attributes": {
            "arn": "arn:aws:iam::000000000000:role/aws-iam-gitops-lambda-role",
            "assume_role_policy": "{\"Statement\":[{\"Action\":\"sts:AssumeRole\",\"Effect\":\"Allow\",\"Principal\":{\"Service\":\"lambda.amazonaws.com\"}}],\"Version\":\"2012-10-17\"}",
            "create_date": "2026-01-25T15:35:25Z",
            "description": "",
            "force_detach_policies": false,
            "id": "aws-iam-gitops-lambda-role",
            "inline_policy": [],
            "managed_policy_arns": [],
            "max_session_duration": 3600,
            "name": "aws-iam-gitops-lambda-role",
            "name_prefix": "",
            "path": "/",
            "permissions_boundary": "",
            "tags": null,
            "tags_all": {
              "App": "aws-iam-gitops"
            },
            "unique_id": "AROAQAAAAAAALJBYPMG3L"
          },
          "sensitive_attributes": [],
          "identity_schema_version": 0,
          "identity": {
            "account_id": "000000000000",
            "name": "aws-iam-gitops-lambda-role"
          },
          "private": "bnVsbA=="
        }
      ]
    },
    {
      "mode": "managed",
      "type": "aws_iam_role_policy_attachment",
      "name": "basic",
      "provider": "provider[\"registry.terraform.io/hashicorp/aws\"]",
      "instances": [
        {
          "schema_version": 0,
          "attributes": {
            "id": "aws-iam-gitops-lambda-role/arn:aws:iam::aws:policy/service-role/AWSLambdaBasicExecutionRole",
            "policy_arn": "arn:aws:iam::aws:policy/service-role/AWSLambdaBasicExecutionRole",
            "role": "aws-iam-gitops-lambda-role"
          },
          "sensitive_attributes": [],
          "identity_schema_version": 0,
          "identity": {
            "account_id": "000000000000",
            "policy_arn": "arn:aws:iam::aws:policy/service-role/AWSLambdaBasicExecutionRole",
            "role": "aws-iam-gitops-lambda-role"
          },
          "private": "bnVsbA==",
          "dependencies": [
            "aws_iam_role.lambda"
          ]
        }
      ]
    },
    {
      "mode": "managed",
      "type": "aws_s3_bucket",
      "name": "cloudtrail",
      "provider": "provider[\"registry.terraform.io/hashicorp/aws\"]",
      "instances": []
    }
  ],
  "check_results": null
}
