data.archive_file.lambda_dummy: Reading...
data.archive_file.lambda_dummy: Read complete after 0s [id=58e93fade67637870be5af38eff8d5aa66c7da49]
data.aws_caller_identity.current: Reading...
data.aws_caller_identity.current: Read complete after 0s [id=000000000000]

Terraform used the selected providers to generate the following execution
plan. Resource actions are indicated with the following symbols:
  + create

Terraform will perform the following actions:

  # aws_cloudtrail.this will be created
  + resource "aws_cloudtrail" "this" {
      + arn                           = (known after apply)
      + enable_log_file_validation    = false
      + enable_logging                = true
      + home_region                   = (known after apply)
      + id                            = (known after apply)
      + include_global_service_events = true
      + is_multi_region_trail         = true
      + is_organization_trail         = false
      + name                          = "aws-iam-gitops"
      + region                        = "us-east-1"
      + s3_bucket_name                = (known after apply)
      + sns_topic_arn                 = (known after apply)
      + tags_all                      = {
          + "App" = "aws-iam-gitops"
        }
    }

  # aws_cloudwatch_event_rule.schedule will be created
  + resource "aws_cloudwatch_event_rule" "schedule" {
      + arn                 = (known after apply)
      + description         = "Scheduled trigger for aws-iam-gitops Lambda"
      + event_bus_name      = "default"
      + force_destroy       = false
      + id                  = (known after apply)
      + name                = "aws-iam-gitops-schedule"
      + name_prefix         = (known after apply)
      + region              = "us-east-1"
      + schedule_expression = "rate(1 day)"
      + tags_all            = {
          + "App" = "aws-iam-gitops"
        }
    }

  # aws_cloudwatch_event_target.lambda will be created
  + resource "aws_cloudwatch_event_target" "lambda" {
      + arn            = (known after apply)
      + event_bus_name = "default"
      + force_destroy  = false
      + id             = (known after apply)
      + region         = "us-east-1"
      + rule           = "aws-iam-gitops-schedule"
      + target_id      = "lambda"
    }

  # aws_ecr_repository.lambda will be created
  + resource "aws_ecr_repository" "lambda" {
      + arn                  = (known after apply)
      + id                   = (known after apply)
      + image_tag_mutability = "MUTABLE"
      + name                 = "aws-iam-gitops"
      + region               = "us-east-1"
      + registry_id          = (known after apply)
      + repository_url       = (known after apply)
      + tags_all             = {
          + "App" = "aws-iam-gitops"
        }

      + image_scanning_configuration {
          + scan_on_push = true
        }
    }

  # aws_iam_policy.app will be created
  + resource "aws_iam_policy" "app" {
      + arn              = (known after apply)
      + attachment_count = (known after apply)
      + description      = "Permissions for aws-iam-gitops Lambda to read IAM/Organizations and write CloudTrail logs."
      + id               = (known after apply)
      + name             = "aws-iam-gitops-lambda-permissions"
      + name_prefix      = (known after apply)
      + path             = "/"
      + policy           = (known after apply)
      + policy_id        = (known after apply)
      + tags_all         = {
          + "App" = "aws-iam-gitops"
        }
    }

  # aws_iam_role.lambda will be created
  + resource "aws_iam_role" "lambda" {
      + arn                   = (known after apply)
      + assume_role_policy    = jsonencode(
            {
              + Statement = [
                  + {
                      + Action    = "sts:AssumeRole"
                      + Effect    = "Allow"
                      + Principal = {
                          + Service = "lambda.amazonaws.com"
                        }
                    },
                ]
              + Version   = "2012-10-17"
            }
        )
      + create_date           = (known after apply)
      + force_detach_policies = false
      + id                    = (known after apply)
      + managed_policy_arns   = (known after apply)
      + max_session_duration  = 3600
      + name                  = "aws-iam-gitops-lambda-role"
      + name_prefix           = (known after apply)
      + path                  = "/"
      + tags_all              = {
          + "App" = "aws-iam-gitops"
        }
      + unique_id             = (known after apply)

      + inline_policy (known after apply)
    }

  # aws_iam_role_policy_attachment.app will be created
  + resource "aws_iam_role_policy_attachment" "app" {
      + id         = (known after apply)
      + policy_arn = (known after apply)
      + role       = "aws-iam-gitops-lambda-role"
    }

  # aws_iam_role_policy_attachment.basic will be created
  + resource "aws_iam_role_policy_attachment" "basic" {
      + id         = (known after apply)
      + policy_arn = "arn:aws:iam::aws:policy/service-role/AWSLambdaBasicExecutionRole"
      + role       = "aws-iam-gitops-lambda-role"
    }

  # aws_lambda_function.this will be created
  + resource "aws_lambda_function" "this" {
      + architectures                  = (known after apply)
      + arn                            = (known after apply)
      + code_sha256                    = (known after apply)
      + function_name                  = "aws-iam-gitops"
      + id                             = (known after apply)
      + image_uri                      = (known after apply)
      + invoke_arn                     = (known after apply)
      + last_modified                  = (known after apply)
      + memory_size                    = 128
      + package_type                   = "Image"
      + publish                        = false
      + qualified_arn                  = (known after apply)
      + qualified_invoke_arn           = (known after apply)
      + region                         = "us-east-1"
      + reserved_concurrent_executions = -1
      + response_streaming_invoke_arn  = (known after apply)
      + role                           = (known after apply)
      + signing_job_arn                = (known after apply)
      + signing_profile_version_arn    = (known after apply)
      + skip_destroy                   = false
      + source_code_hash               = (known after apply)
      + source_code_size               = (known after apply)
      + tags_all                       = {
          + "App" = "aws-iam-gitops"
        }
      + timeout                        = 120
      + version                        = (known after apply)

      + environment {
          + variables = {
              + "GITHUB_REPO"     = "ai-basis-tf"
              + "GITHUB_TOKEN"    = (sensitive value)
              + "GITHUB_USERNAME" = "ai-basis-tf"
            }
        }

      + ephemeral_storage (known after apply)

      + logging_config (known after apply)

      + tracing_config (known after apply)
    }

  # aws_lambda_permission.allow_eventbridge will be created
  + resource "aws_lambda_permission" "allow_eventbridge" {
      + action              = "lambda:InvokeFunction"
      + function_name       = "aws-iam-gitops"
      + id                  = (known after apply)
      + principal           = "events.amazonaws.com"
      + region              = "us-east-1"
      + source_arn          = (known after apply)
      + statement_id        = "AllowExecutionFromEventBridge"
      + statement_id_prefix = (known after apply)
    }

  # aws_s3_bucket.cloudtrail will be created
  + resource "aws_s3_bucket" "cloudtrail" {
      + acceleration_status         = (known after apply)
      + acl                         = (known after apply)
      + arn                         = (known after apply)
      + bucket                      = "aws-iam-gitops-000000000000"
      + bucket_domain_name          = (known after apply)
      + bucket_prefix               = (known after apply)
      + bucket_region               = (known after apply)
      + bucket_regional_domain_name = (known after apply)
      + force_destroy               = true
      + hosted_zone_id              = (known after apply)
      + id                          = (known after apply)
      + object_lock_enabled         = (known after apply)
      + policy                      = (known after apply)
      + region                      = "us-east-1"
      + request_payer               = (known after apply)
      + tags_all                    = {
          + "App" = "aws-iam-gitops"
        }
      + website_domain              = (known after apply)
      + website_endpoint            = (known after apply)

      + cors_rule (known after apply)

      + grant (known after apply)

      + lifecycle_rule (known after apply)

      + logging (known after apply)

      + object_lock_configuration (known after apply)

      + replication_configuration (known after apply)

      + server_side_encryption_configuration (known after apply)

      + versioning (known after apply)

      + website (known after apply)
    }

  # aws_s3_bucket_ownership_controls.cloudtrail will be created
  + resource "aws_s3_bucket_ownership_controls" "cloudtrail" {
      + bucket = (known after apply)
      + id     = (known after apply)
      + region = "us-east-1"

      + rule {
          + object_ownership = "BucketOwnerPreferred"
        }
    }

  # aws_s3_bucket_policy.cloudtrail will be created
  + resource "aws_s3_bucket_policy" "cloudtrail" {
      + bucket = (known after apply)
      + id     = (known after apply)
      + policy = (known after apply)
      + region = "us-east-1"
    }

  # aws_s3_bucket_public_access_block.cloudtrail will be created
  + resource "aws_s3_bucket_public_access_block" "cloudtrail" {
      + block_public_acls       = true
      + block_public_policy     = true
      + bucket                  = (known after apply)
      + id                      = (known after apply)
      + ignore_public_acls      = true
      + region                  = "us-east-1"
      + restrict_public_buckets = true
    }

Plan: 14 to add, 0 to change, 0 to destroy.

Changes to Outputs:
  + cloudtrail_bucket_name = (known after apply)
  + cloudtrail_name        = "aws-iam-gitops"
  + ecr_repository_url     = (known after apply)
  + eventbridge_rule_name  = "aws-iam-gitops-schedule"
  + lambda_function_name   = "aws-iam-gitops"
