data.aws_region.current: Reading...
data.aws_region.current: Read complete after 0s [id=ap-southeast-1]

Terraform used the selected providers to generate the following execution
plan. Resource actions are indicated with the following symbols:
  + create

Terraform will perform the following actions:

  # aws_iam_access_key.example will be created
  + resource "aws_iam_access_key" "example" {
      + create_date                    = (known after apply)
      + encrypted_secret               = (known after apply)
      + encrypted_ses_smtp_password_v4 = (known after apply)
      + id                             = (known after apply)
      + key_fingerprint                = (known after apply)
      + secret                         = (sensitive value)
      + ses_smtp_password_v4           = (sensitive value)
      + status                         = "Active"
      + user                           = (known after apply)
    }

  # aws_iam_policy.example will be created
  + resource "aws_iam_policy" "example" {
      + arn              = (known after apply)
      + attachment_count = (known after apply)
      + id               = (known after apply)
      + name             = (known after apply)
      + name_prefix      = (known after apply)
      + path             = "/"
      + policy           = jsonencode(
            {
              + Statement = [
                  + {
                      + Action   = [
                          + "s3:ListAllMyBuckets",
                        ]
                      + Effect   = "Allow"
                      + Resource = [
                          + "*",
                        ]
                    },
                ]
              + Version   = "2012-10-17"
            }
        )
      + policy_id        = (known after apply)
      + tags_all         = (known after apply)
    }

  # aws_iam_user.example will be created
  + resource "aws_iam_user" "example" {
      + arn           = (known after apply)
      + force_destroy = false
      + id            = (known after apply)
      + name          = (known after apply)
      + path          = "/"
      + tags_all      = (known after apply)
      + unique_id     = (known after apply)
    }

  # aws_iam_user_policy_attachment.example will be created
  + resource "aws_iam_user_policy_attachment" "example" {
      + id         = (known after apply)
      + policy_arn = (known after apply)
      + user       = (known after apply)
    }

  # null_resource.example will be created
  + resource "null_resource" "example" {
      + id       = (known after apply)
      + triggers = {
          + "always_run" = (known after apply)
        }
    }

  # random_string.suffix will be created
  + resource "random_string" "suffix" {
      + id          = (known after apply)
      + length      = 8
      + lower       = true
      + min_lower   = 0
      + min_numeric = 0
      + min_special = 0
      + min_upper   = 0
      + number      = true
      + numeric     = true
      + result      = (known after apply)
      + special     = false
      + upper       = false
    }

Plan: 6 to add, 0 to change, 0 to destroy.
