{"format_version":"1.2","terraform_version":"1.13.5","variables":{"bot_token":{"value":"terraform"},"chat_id":{"value":"terraform"},"end_month_message":{"value":"terraform"},"half_month_message":{"value":"terraform"}},"planned_values":{"root_module":{"resources":[{"address":"aws_cloudwatch_event_rule.reminder_bot_schedule","mode":"managed","type":"aws_cloudwatch_event_rule","name":"reminder_bot_schedule","provider_name":"registry.terraform.io/hashicorp/aws","schema_version":1,"values":{"description":"Schedule rule for reminder bot Lambda function","event_bus_name":"default","event_pattern":null,"force_destroy":false,"is_enabled":null,"name":"reminder-bot-schedule","role_arn":null,"schedule_expression":"cron(30 20 15,28 * ? *)","state":null,"tags":null},"sensitive_values":{"tags_all":{}}},{"address":"aws_cloudwatch_event_target.reminder_bot_target","mode":"managed","type":"aws_cloudwatch_event_target","name":"reminder_bot_target","provider_name":"registry.terraform.io/hashicorp/aws","schema_version":1,"values":{"appsync_target":[],"batch_target":[],"dead_letter_config":[],"ecs_target":[],"event_bus_name":"default","force_destroy":false,"http_target":[],"input":null,"input_path":null,"input_transformer":[],"kinesis_target":[],"redshift_target":[],"retry_policy":[],"role_arn":null,"rule":"reminder-bot-schedule","run_command_targets":[],"sagemaker_pipeline_target":[],"sqs_target":[],"target_id":"reminder-bot-lambda-target"},"sensitive_values":{"appsync_target":[],"batch_target":[],"dead_letter_config":[],"ecs_target":[],"http_target":[],"input_transformer":[],"kinesis_target":[],"redshift_target":[],"retry_policy":[],"run_command_targets":[],"sagemaker_pipeline_target":[],"sqs_target":[]}},{"address":"aws_iam_policy.lambda_policy","mode":"managed","type":"aws_iam_policy","name":"lambda_policy","provider_name":"registry.terraform.io/hashicorp/aws","schema_version":0,"values":{"description":"Policy for reminder bot lambda","name":"reminder-bot-lambda-policy","path":"/","tags":null},"sensitive_values":{"tags_all":{}}},{"address":"aws_iam_role.lambda_execution_role","mode":"managed","type":"aws_iam_role","name":"lambda_execution_role","provider_name":"registry.terraform.io/hashicorp/aws","schema_version":0,"values":{"assume_role_policy":"{\"Statement\":[{\"Action\":\"sts:AssumeRole\",\"Effect\":\"Allow\",\"Principal\":{\"Service\":\"lambda.amazonaws.com\"}}],\"Version\":\"2012-10-17\"}","description":null,"force_detach_policies":false,"max_session_duration":3600,"name":"reminder-bot-lambda-execution-role","path":"/","permissions_boundary":null,"tags":null},"sensitive_values":{"inline_policy":[],"managed_policy_arns":[],"tags_all":{}}},{"address":"aws_iam_role_policy_attachment.lambda_policy_attachment","mode":"managed","type":"aws_iam_role_policy_attachment","name":"lambda_policy_attachment","provider_name":"registry.terraform.io/hashicorp/aws","schema_version":0,"values":{"role":"reminder-bot-lambda-execution-role"},"sensitive_values":{}},{"address":"aws_lambda_function.reminder_bot_lambda","mode":"managed","type":"aws_lambda_function","name":"reminder_bot_lambda","provider_name":"registry.terraform.io/hashicorp/aws","schema_version":0,"values":{"code_signing_config_arn":null,"dead_letter_config":[],"description":null,"environment":[{"variables":{"bot_token":"terraform","chat_id":"terraform","end_month_message":"terraform","half_month_message":"terraform"}}],"file_system_config":[],"filename":"./dummy.jar","function_name":"reminder-bot-lambda","handler":"handler.Handler","image_config":[],"image_uri":null,"kms_key_arn":null,"layers":null,"memory_size":128,"package_type":"Zip","publish":false,"replace_security_groups_on_destroy":null,"replacement_security_group_ids":null,"reserved_concurrent_executions":-1,"runtime":"java21","s3_bucket":null,"s3_key":null,"s3_object_version":null,"skip_destroy":false,"snap_start":[],"tags":null,"timeout":60,"timeouts":null,"vpc_config":[]},"sensitive_values":{"architectures":[],"dead_letter_config":[],"environment":[{"variables":{"bot_token":true,"chat_id":true,"end_month_message":true,"half_month_message":true}}],"ephemeral_storage":[],"file_system_config":[],"image_config":[],"logging_config":[],"snap_start":[],"tags_all":{},"tracing_config":[],"vpc_config":[]}},{"address":"aws_lambda_permission.allow_eventbridge","mode":"managed","type":"aws_lambda_permission","name":"allow_eventbridge","provider_name":"registry.terraform.io/hashicorp/aws","schema_version":0,"values":{"action":"lambda:InvokeFunction","event_source_token":null,"function_name":"reminder-bot-lambda","function_url_auth_type":null,"principal":"events.amazonaws.com","principal_org_id":null,"qualifier":null,"source_account":null,"statement_id":"AllowExecutionFromEventBridge"},"sensitive_values":{}}]}},"resource_changes":[{"address":"aws_cloudwatch_event_rule.reminder_bot_schedule","mode":"managed","type":"aws_cloudwatch_event_rule","name":"reminder_bot_schedule","provider_name":"registry.terraform.io/hashicorp/aws","change":{"actions":["create"],"before":null,"after":{"description":"Schedule rule for reminder bot Lambda function","event_bus_name":"default","event_pattern":null,"force_destroy":false,"is_enabled":null,"name":"reminder-bot-schedule","role_arn":null,"schedule_expression":"cron(30 20 15,28 * ? *)","state":null,"tags":null},"after_unknown":{"arn":true,"id":true,"name_prefix":true,"tags_all":true},"before_sensitive":false,"after_sensitive":{"tags_all":{}}}},{"address":"aws_cloudwatch_event_target.reminder_bot_target","mode":"managed","type":"aws_cloudwatch_event_target","name":"reminder_bot_target","provider_name":"registry.terraform.io/hashicorp/aws","change":{"actions":["create"],"before":null,"after":{"appsync_target":[],"batch_target":[],"dead_letter_config":[],"ecs_target":[],"event_bus_name":"default","force_destroy":false,"http_target":[],"input":null,"input_path":null,"input_transformer":[],"kinesis_target":[],"redshift_target":[],"retry_policy":[],"role_arn":null,"rule":"reminder-bot-schedule","run_command_targets":[],"sagemaker_pipeline_target":[],"sqs_target":[],"target_id":"reminder-bot-lambda-target"},"after_unknown":{"appsync_target":[],"arn":true,"batch_target":[],"dead_letter_config":[],"ecs_target":[],"http_target":[],"id":true,"input_transformer":[],"kinesis_target":[],"redshift_target":[],"retry_policy":[],"run_command_targets":[],"sagemaker_pipeline_target":[],"sqs_target":[]},"before_sensitive":false,"after_sensitive":{"appsync_target":[],"batch_target":[],"dead_letter_config":[],"ecs_target":[],"http_target":[],"input_transformer":[],"kinesis_target":[],"redshift_target":[],"retry_policy":[],"run_command_targets":[],"sagemaker_pipeline_target":[],"sqs_target":[]}}},{"address":"aws_iam_policy.lambda_policy","mode":"managed","type":"aws_iam_policy","name":"lambda_policy","provider_name":"registry.terraform.io/hashicorp/aws","change":{"actions":["create"],"before":null,"after":{"description":"Policy for reminder bot lambda","name":"reminder-bot-lambda-policy","path":"/","tags":null},"after_unknown":{"arn":true,"attachment_count":true,"id":true,"name_prefix":true,"policy":true,"policy_id":true,"tags_all":true},"before_sensitive":false,"after_sensitive":{"tags_all":{}}}},{"address":"aws_iam_role.lambda_execution_role","mode":"managed","type":"aws_iam_role","name":"lambda_execution_role","provider_name":"registry.terraform.io/hashicorp/aws","change":{"actions":["create"],"before":null,"after":{"assume_role_policy":"{\"Statement\":[{\"Action\":\"sts:AssumeRole\",\"Effect\":\"Allow\",\"Principal\":{\"Service\":\"lambda.amazonaws.com\"}}],\"Version\":\"2012-10-17\"}","description":null,"force_detach_policies":false,"max_session_duration":3600,"name":"reminder-bot-lambda-execution-role","path":"/","permissions_boundary":null,"tags":null},"after_unknown":{"arn":true,"create_date":true,"id":true,"inline_policy":true,"managed_policy_arns":true,"name_prefix":true,"tags_all":true,"unique_id":true},"before_sensitive":false,"after_sensitive":{"inline_policy":[],"managed_policy_arns":[],"tags_all":{}}}},{"address":"aws_iam_role_policy_attachment.lambda_policy_attachment","mode":"managed","type":"aws_iam_role_policy_attachment","name":"lambda_policy_attachment","provider_name":"registry.terraform.io/hashicorp/aws","change":{"actions":["create"],"before":null,"after":{"role":"reminder-bot-lambda-execution-role"},"after_unknown":{"id":true,"policy_arn":true},"before_sensitive":false,"after_sensitive":{}}},{"address":"aws_lambda_function.reminder_bot_lambda","mode":"managed","type":"aws_lambda_function","name":"reminder_bot_lambda","provider_name":"registry.terraform.io/hashicorp/aws","change":{"actions":["create"],"before":null,"after":{"code_signing_config_arn":null,"dead_letter_config":[],"description":null,"environment":[{"variables":{"bot_token":"terraform","chat_id":"terraform","end_month_message":"terraform","half_month_message":"terraform"}}],"file_system_config":[],"filename":"./dummy.jar","function_name":"reminder-bot-lambda","handler":"handler.Handler","image_config":[],"image_uri":null,"kms_key_arn":null,"layers":null,"memory_size":128,"package_type":"Zip","publish":false,"replace_security_groups_on_destroy":null,"replacement_security_group_ids":null,"reserved_concurrent_executions":-1,"runtime":"java21","s3_bucket":null,"s3_key":null,"s3_object_version":null,"skip_destroy":false,"snap_start":[],"tags":null,"timeout":60,"timeouts":null,"vpc_config":[]},"after_unknown":{"architectures":true,"arn":true,"code_sha256":true,"dead_letter_config":[],"environment":[{"variables":{}}],"ephemeral_storage":true,"file_system_config":[],"id":true,"image_config":[],"invoke_arn":true,"last_modified":true,"logging_config":true,"qualified_arn":true,"qualified_invoke_arn":true,"role":true,"signing_job_arn":true,"signing_profile_version_arn":true,"snap_start":[],"source_code_hash":true,"source_code_size":true,"tags_all":true,"tracing_config":true,"version":true,"vpc_config":[]},"before_sensitive":false,"after_sensitive":{"architectures":[],"dead_letter_config":[],"environment":[{"variables":{"bot_token":true,"chat_id":true,"end_month_message":true,"half_month_message":true}}],"ephemeral_storage":[],"file_system_config":[],"image_config":[],"logging_config":[],"snap_start":[],"tags_all":{},"tracing_config":[],"vpc_config":[]}}},{"address":"aws_lambda_permission.allow_eventbridge","mode":"managed","type":"aws_lambda_permission","name":"allow_eventbridge","provider_name":"registry.terraform.io/hashicorp/aws","change":{"actions":["create"],"before":null,"after":{"action":"lambda:InvokeFunction","event_source_token":null,"function_name":"reminder-bot-lambda","function_url_auth_type":null,"principal":"events.amazonaws.com","principal_org_id":null,"qualifier":null,"source_account":null,"statement_id":"AllowExecutionFromEventBridge"},"after_unknown":{"id":true,"source_arn":true,"statement_id_prefix":true},"before_sensitive":false,"after_sensitive":{}}}],"prior_state":{"format_version":"1.0","terraform_version":"1.13.5","values":{"root_module":{"resources":[{"address":"data.archive_file.lambda_dummy","mode":"data","type":"archive_file","name":"lambda_dummy","provider_name":"registry.terraform.io/hashicorp/archive","schema_version":0,"values":{"exclude_symlink_directories":null,"excludes":null,"id":"58e93fade67637870be5af38eff8d5aa66c7da49","output_base64sha256":"wmbalFzzY/wG3ivChKElOZB3+B4gptmQyIat05p+fU4=","output_base64sha512":"BQYAg1LwEY4tDmry1VoRx6StX0vjH+7LpfB5KAZLVvfJQjioPbBv1QxI6QF6P2U614fU3h9XKBCb9z5Y1ornqA==","output_file_mode":null,"output_md5":"a0dbd832a6a977d6d5b28ea5c85e30fb","output_path":"./.dummy/lambda.zip","output_sha":"58e93fade67637870be5af38eff8d5aa66c7da49","output_sha256":"c266da945cf363fc06de2bc284a125399077f81e20a6d990c886add39a7e7d4e","output_sha512":"0506008352f0118e2d0e6af2d55a11c7a4ad5f4be31feecba5f07928064b56f7c94238a83db06fd50c48e9017a3f653ad787d4de1f5728109bf73e58d68ae7a8","output_size":246,"source":[{"content":"exports.handler = async (event) =\u003e {\n  console.log(\"Dummy lambda invoked\");\n  return { statusCode: 200, body: \"dummy\" };\n};\n","filename":"index.js"}],"source_content":null,"source_content_filename":null,"source_dir":null,"source_file":null,"type":"zip"},"sensitive_values":{"source":[{}]}},{"address":"data.aws_caller_identity.current","mode":"data","type":"aws_caller_identity","name":"current","provider_name":"registry.terraform.io/hashicorp/aws","schema_version":0,"values":{"account_id":"000000000000","arn":"arn:aws:iam::000000000000:root","id":"000000000000","user_id":"AKIAIOSFODNN7EXAMPLE"},"sensitive_values":{}}]}}},"configuration":{"provider_config":{"archive":{"name":"archive","full_name":"registry.terraform.io/hashicorp/archive"},"aws":{"name":"aws","full_name":"registry.terraform.io/hashicorp/aws","version_constraint":"~\u003e 5.0","expressions":{"region":{"constant_value":"eu-central-1"}}}},"root_module":{"resources":[{"address":"aws_cloudwatch_event_rule.reminder_bot_schedule","mode":"managed","type":"aws_cloudwatch_event_rule","name":"reminder_bot_schedule","provider_config_key":"aws","expressions":{"description":{"constant_value":"Schedule rule for reminder bot Lambda function"},"name":{"constant_value":"reminder-bot-schedule"},"schedule_expression":{"constant_value":"cron(30 20 15,28 * ? *)"}},"schema_version":1},{"address":"aws_cloudwatch_event_target.reminder_bot_target","mode":"managed","type":"aws_cloudwatch_event_target","name":"reminder_bot_target","provider_config_key":"aws","expressions":{"arn":{"references":["aws_lambda_function.reminder_bot_lambda.arn","aws_lambda_function.reminder_bot_lambda"]},"rule":{"references":["aws_cloudwatch_event_rule.reminder_bot_schedule.name","aws_cloudwatch_event_rule.reminder_bot_schedule"]},"target_id":{"constant_value":"reminder-bot-lambda-target"}},"schema_version":1},{"address":"aws_iam_policy.lambda_policy","mode":"managed","type":"aws_iam_policy","name":"lambda_policy","provider_config_key":"aws","expressions":{"description":{"constant_value":"Policy for reminder bot lambda"},"name":{"constant_value":"reminder-bot-lambda-policy"},"policy":{"references":["aws_lambda_function.reminder_bot_lambda.arn","aws_lambda_function.reminder_bot_lambda"]}},"schema_version":0},{"address":"aws_iam_role.lambda_execution_role","mode":"managed","type":"aws_iam_role","name":"lambda_execution_role","provider_config_key":"aws","expressions":{"assume_role_policy":{},"name":{"constant_value":"reminder-bot-lambda-execution-role"}},"schema_version":0},{"address":"aws_iam_role_policy_attachment.lambda_policy_attachment","mode":"managed","type":"aws_iam_role_policy_attachment","name":"lambda_policy_attachment","provider_config_key":"aws","expressions":{"policy_arn":{"references":["aws_iam_policy.lambda_policy.arn","aws_iam_policy.lambda_policy"]},"role":{"references":["aws_iam_role.lambda_execution_role.name","aws_iam_role.lambda_execution_role"]}},"schema_version":0},{"address":"aws_lambda_function.reminder_bot_lambda","mode":"managed","type":"aws_lambda_function","name":"reminder_bot_lambda","provider_config_key":"aws","expressions":{"environment":[{"variables":{"references":["var.bot_token","var.chat_id","var.half_month_message","var.end_month_message"]}}],"filename":{"references":["path.module"]},"function_name":{"constant_value":"reminder-bot-lambda"},"handler":{"constant_value":"handler.Handler"},"role":{"references":["aws_iam_role.lambda_execution_role.arn","aws_iam_role.lambda_execution_role"]},"runtime":{"constant_value":"java21"},"timeout":{"constant_value":60}},"schema_version":0},{"address":"aws_lambda_permission.allow_eventbridge","mode":"managed","type":"aws_lambda_permission","name":"allow_eventbridge","provider_config_key":"aws","expressions":{"action":{"constant_value":"lambda:InvokeFunction"},"function_name":{"references":["aws_lambda_function.reminder_bot_lambda.function_name","aws_lambda_function.reminder_bot_lambda"]},"principal":{"constant_value":"events.amazonaws.com"},"source_arn":{"references":["aws_cloudwatch_event_rule.reminder_bot_schedule.arn","aws_cloudwatch_event_rule.reminder_bot_schedule"]},"statement_id":{"constant_value":"AllowExecutionFromEventBridge"}},"schema_version":0},{"address":"data.archive_file.lambda_dummy","mode":"data","type":"archive_file","name":"lambda_dummy","provider_config_key":"archive","expressions":{"output_path":{"references":["local.lambda_dummy_zip"]},"source":[{"content":{"constant_value":"exports.handler = async (event) =\u003e {\n  console.log(\"Dummy lambda invoked\");\n  return { statusCode: 200, body: \"dummy\" };\n};\n"},"filename":{"constant_value":"index.js"}}],"type":{"constant_value":"zip"}},"schema_version":0},{"address":"data.aws_caller_identity.current","mode":"data","type":"aws_caller_identity","name":"current","provider_config_key":"aws","schema_version":0}],"variables":{"bot_token":{"description":"This is the telegram bot token","sensitive":true},"chat_id":{"description":"This is the telegram chat id","sensitive":true},"end_month_message":{"description":"Reminder message that the bot will send in the final of the month (28th)","sensitive":true},"half_month_message":{"description":"Reminder message that the bot will send in the half of the month (15th)","sensitive":true}}}},"relevant_attributes":[{"resource":"aws_cloudwatch_event_rule.reminder_bot_schedule","attribute":["name"]},{"resource":"aws_lambda_function.reminder_bot_lambda","attribute":["arn"]},{"resource":"aws_iam_policy.lambda_policy","attribute":["arn"]},{"resource":"aws_iam_role.lambda_execution_role","attribute":["arn"]},{"resource":"aws_iam_role.lambda_execution_role","attribute":["name"]},{"resource":"aws_cloudwatch_event_rule.reminder_bot_schedule","attribute":["arn"]},{"resource":"aws_lambda_function.reminder_bot_lambda","attribute":["function_name"]}],"timestamp":"2026-01-24T05:29:08Z","applyable":true,"complete":true,"errored":false}
