{"format_version":"1.2","terraform_version":"1.13.5","variables":{"app_name":{"value":"example-s3-localstack"},"aws_region":{"value":"us-east-1"},"bucket_name":{"value":"versionedexample"},"enable_versioning":{"value":true}},"planned_values":{"outputs":{"s3_bucket_arn":{"sensitive":false},"s3_bucket_name":{"sensitive":false,"type":"string","value":"versionedexample"},"s3_versioning_status":{"sensitive":false,"type":"string","value":"Enabled"}},"root_module":{"resources":[{"address":"aws_s3_bucket.app","mode":"managed","type":"aws_s3_bucket","name":"app","provider_name":"registry.terraform.io/hashicorp/aws","schema_version":0,"values":{"bucket":"versionedexample","force_destroy":true,"region":"us-east-1","tags":{"Name":"example-s3-localstack"},"tags_all":{"Managed":"terraform","Name":"example-s3-localstack","Project":"example-s3-localstack"},"timeouts":null},"sensitive_values":{"cors_rule":[],"grant":[],"lifecycle_rule":[],"logging":[],"object_lock_configuration":[],"replication_configuration":[],"server_side_encryption_configuration":[],"tags":{},"tags_all":{},"versioning":[],"website":[]},"identity_schema_version":0,"identity":{"account_id":null,"bucket":null,"region":null}},{"address":"aws_s3_bucket_public_access_block.app","mode":"managed","type":"aws_s3_bucket_public_access_block","name":"app","provider_name":"registry.terraform.io/hashicorp/aws","schema_version":0,"values":{"block_public_acls":true,"block_public_policy":true,"ignore_public_acls":true,"region":"us-east-1","restrict_public_buckets":true,"skip_destroy":null},"sensitive_values":{},"identity_schema_version":0,"identity":{"account_id":null,"bucket":null,"region":null}},{"address":"aws_s3_bucket_versioning.app","mode":"managed","type":"aws_s3_bucket_versioning","name":"app","provider_name":"registry.terraform.io/hashicorp/aws","schema_version":0,"values":{"expected_bucket_owner":null,"mfa":null,"region":"us-east-1","versioning_configuration":[{"status":"Enabled"}]},"sensitive_values":{"versioning_configuration":[{}]},"identity_schema_version":0,"identity":{"account_id":null,"bucket":null,"expected_bucket_owner":null,"region":null}}]}},"resource_changes":[{"address":"aws_s3_bucket.app","mode":"managed","type":"aws_s3_bucket","name":"app","provider_name":"registry.terraform.io/hashicorp/aws","change":{"actions":["create"],"before":null,"after":{"bucket":"versionedexample","force_destroy":true,"region":"us-east-1","tags":{"Name":"example-s3-localstack"},"tags_all":{"Managed":"terraform","Name":"example-s3-localstack","Project":"example-s3-localstack"},"timeouts":null},"after_unknown":{"acceleration_status":true,"acl":true,"arn":true,"bucket_domain_name":true,"bucket_prefix":true,"bucket_region":true,"bucket_regional_domain_name":true,"cors_rule":true,"grant":true,"hosted_zone_id":true,"id":true,"lifecycle_rule":true,"logging":true,"object_lock_configuration":true,"object_lock_enabled":true,"policy":true,"replication_configuration":true,"request_payer":true,"server_side_encryption_configuration":true,"tags":{},"tags_all":{},"versioning":true,"website":true,"website_domain":true,"website_endpoint":true},"before_sensitive":false,"after_sensitive":{"cors_rule":[],"grant":[],"lifecycle_rule":[],"logging":[],"object_lock_configuration":[],"replication_configuration":[],"server_side_encryption_configuration":[],"tags":{},"tags_all":{},"versioning":[],"website":[]},"after_identity":{"account_id":null,"bucket":null,"region":null}}},{"address":"aws_s3_bucket_public_access_block.app","mode":"managed","type":"aws_s3_bucket_public_access_block","name":"app","provider_name":"registry.terraform.io/hashicorp/aws","change":{"actions":["create"],"before":null,"after":{"block_public_acls":true,"block_public_policy":true,"ignore_public_acls":true,"region":"us-east-1","restrict_public_buckets":true,"skip_destroy":null},"after_unknown":{"bucket":true,"id":true},"before_sensitive":false,"after_sensitive":{},"after_identity":{"account_id":null,"bucket":null,"region":null}}},{"address":"aws_s3_bucket_versioning.app","mode":"managed","type":"aws_s3_bucket_versioning","name":"app","provider_name":"registry.terraform.io/hashicorp/aws","change":{"actions":["create"],"before":null,"after":{"expected_bucket_owner":null,"mfa":null,"region":"us-east-1","versioning_configuration":[{"status":"Enabled"}]},"after_unknown":{"bucket":true,"id":true,"versioning_configuration":[{"mfa_delete":true}]},"before_sensitive":false,"after_sensitive":{"versioning_configuration":[{}]},"after_identity":{"account_id":null,"bucket":null,"expected_bucket_owner":null,"region":null}}}],"output_changes":{"s3_bucket_arn":{"actions":["create"],"before":null,"after_unknown":true,"before_sensitive":false,"after_sensitive":false},"s3_bucket_name":{"actions":["create"],"before":null,"after":"versionedexample","after_unknown":false,"before_sensitive":false,"after_sensitive":false},"s3_versioning_status":{"actions":["create"],"before":null,"after":"Enabled","after_unknown":false,"before_sensitive":false,"after_sensitive":false}},"prior_state":{"format_version":"1.0","terraform_version":"1.13.5","values":{"outputs":{"s3_bucket_name":{"sensitive":false,"value":"versionedexample","type":"string"},"s3_versioning_status":{"sensitive":false,"value":"Enabled","type":"string"}},"root_module":{}}},"configuration":{"provider_config":{"aws":{"name":"aws","full_name":"registry.terraform.io/hashicorp/aws","version_constraint":"\u003e= 5.0.0","expressions":{"default_tags":[{"tags":{"references":["var.app_name"]}}],"region":{"references":["var.aws_region"]}}}},"root_module":{"outputs":{"s3_bucket_arn":{"expression":{"references":["aws_s3_bucket.app.arn","aws_s3_bucket.app"]},"description":"ARN of the S3 bucket used by the application"},"s3_bucket_name":{"expression":{"references":["aws_s3_bucket.app.bucket","aws_s3_bucket.app"]},"description":"Name of the S3 bucket used by the application"},"s3_versioning_status":{"expression":{"references":["aws_s3_bucket_versioning.app.versioning_configuration[0].status","aws_s3_bucket_versioning.app.versioning_configuration[0]","aws_s3_bucket_versioning.app.versioning_configuration","aws_s3_bucket_versioning.app"]},"description":"S3 versioning status"}},"resources":[{"address":"aws_s3_bucket.app","mode":"managed","type":"aws_s3_bucket","name":"app","provider_config_key":"aws","expressions":{"bucket":{"references":["var.bucket_name"]},"force_destroy":{"constant_value":true},"tags":{"references":["local.common_tags"]}},"schema_version":0},{"address":"aws_s3_bucket_public_access_block.app","mode":"managed","type":"aws_s3_bucket_public_access_block","name":"app","provider_config_key":"aws","expressions":{"block_public_acls":{"constant_value":true},"block_public_policy":{"constant_value":true},"bucket":{"references":["aws_s3_bucket.app.id","aws_s3_bucket.app"]},"ignore_public_acls":{"constant_value":true},"restrict_public_buckets":{"constant_value":true}},"schema_version":0},{"address":"aws_s3_bucket_versioning.app","mode":"managed","type":"aws_s3_bucket_versioning","name":"app","provider_config_key":"aws","expressions":{"bucket":{"references":["aws_s3_bucket.app.id","aws_s3_bucket.app"]},"versioning_configuration":[{"status":{"references":["var.enable_versioning"]}}]},"schema_version":0}],"variables":{"app_name":{"default":"example-s3-localstack","description":"Application name used for naming/tagging"},"aws_region":{"default":"us-east-1","description":"AWS region to deploy into"},"bucket_name":{"default":"versionedexample","description":"S3 bucket name used by the application (must be globally unique in real AWS)"},"enable_versioning":{"default":true,"description":"Enable S3 versioning (the app can request specific VersionId)"}}}},"relevant_attributes":[{"resource":"aws_s3_bucket.app","attribute":["arn"]},{"resource":"aws_s3_bucket.app","attribute":["bucket"]},{"resource":"aws_s3_bucket.app","attribute":["id"]},{"resource":"aws_s3_bucket_versioning.app","attribute":["versioning_configuration",0,"status"]}],"timestamp":"2026-01-27T02:52:16Z","applyable":true,"complete":true,"errored":false}
