
Terraform used the selected providers to generate the following execution
plan. Resource actions are indicated with the following symbols:
  + create

Terraform will perform the following actions:

  # aws_s3_bucket.workshop will be created
  + resource "aws_s3_bucket" "workshop" {
      + acceleration_status         = (known after apply)
      + acl                         = (known after apply)
      + arn                         = (known after apply)
      + bucket                      = (known after apply)
      + bucket_domain_name          = (known after apply)
      + bucket_prefix               = (known after apply)
      + bucket_region               = (known after apply)
      + bucket_regional_domain_name = (known after apply)
      + force_destroy               = true
      + hosted_zone_id              = (known after apply)
      + id                          = (known after apply)
      + object_lock_enabled         = (known after apply)
      + policy                      = (known after apply)
      + region                      = "us-east-1"
      + request_payer               = (known after apply)
      + tags_all                    = {
          + "ManagedBy" = "terraform"
          + "Project"   = "aws-boto3-workshop"
        }
      + website_domain              = (known after apply)
      + website_endpoint            = (known after apply)

      + cors_rule (known after apply)

      + grant (known after apply)

      + lifecycle_rule (known after apply)

      + logging (known after apply)

      + object_lock_configuration (known after apply)

      + replication_configuration (known after apply)

      + server_side_encryption_configuration (known after apply)

      + versioning (known after apply)

      + website (known after apply)
    }

  # aws_s3_bucket_public_access_block.workshop will be created
  + resource "aws_s3_bucket_public_access_block" "workshop" {
      + block_public_acls       = true
      + block_public_policy     = true
      + bucket                  = (known after apply)
      + id                      = (known after apply)
      + ignore_public_acls      = true
      + region                  = "us-east-1"
      + restrict_public_buckets = true
    }

  # aws_s3_bucket_server_side_encryption_configuration.workshop will be created
  + resource "aws_s3_bucket_server_side_encryption_configuration" "workshop" {
      + bucket = (known after apply)
      + id     = (known after apply)
      + region = "us-east-1"

      + rule {
          + blocked_encryption_types = []

          + apply_server_side_encryption_by_default {
              + sse_algorithm     = "AES256"
                # (1 unchanged attribute hidden)
            }
        }
    }

  # aws_s3_bucket_versioning.workshop will be created
  + resource "aws_s3_bucket_versioning" "workshop" {
      + bucket = (known after apply)
      + id     = (known after apply)
      + region = "us-east-1"

      + versioning_configuration {
          + mfa_delete = (known after apply)
          + status     = "Enabled"
        }
    }

  # aws_s3_object.sample_image will be created
  + resource "aws_s3_object" "sample_image" {
      + acl                    = (known after apply)
      + arn                    = (known after apply)
      + bucket                 = (known after apply)
      + bucket_key_enabled     = (known after apply)
      + checksum_crc32         = (known after apply)
      + checksum_crc32c        = (known after apply)
      + checksum_crc64nvme     = (known after apply)
      + checksum_sha1          = (known after apply)
      + checksum_sha256        = (known after apply)
      + content_type           = "image/jpeg"
      + etag                   = "c5d0a42a8bf11312768b2fbc45b22688"
      + force_destroy          = false
      + id                     = (known after apply)
      + key                    = "imagenes/lp1.jpeg"
      + kms_key_id             = (known after apply)
      + region                 = "us-east-1"
      + server_side_encryption = (known after apply)
      + source                 = "./../images/lp1.jpeg"
      + storage_class          = (known after apply)
      + tags_all               = {
          + "ManagedBy" = "terraform"
          + "Project"   = "aws-boto3-workshop"
        }
      + version_id             = (known after apply)
    }

  # random_id.suffix will be created
  + resource "random_id" "suffix" {
      + b64_std     = (known after apply)
      + b64_url     = (known after apply)
      + byte_length = 4
      + dec         = (known after apply)
      + hex         = (known after apply)
      + id          = (known after apply)
    }

Plan: 6 to add, 0 to change, 0 to destroy.

Changes to Outputs:
  + bucket_name       = (known after apply)
  + sample_object_key = "imagenes/lp1.jpeg"
random_id.suffix: Creating...
random_id.suffix: Creation complete after 0s [id=Yg2rvQ]
aws_s3_bucket.workshop: Creating...
aws_s3_bucket.workshop: Still creating... [00m10s elapsed]
aws_s3_bucket.workshop: Still creating... [00m20s elapsed]
aws_s3_bucket.workshop: Still creating... [00m30s elapsed]
aws_s3_bucket.workshop: Still creating... [00m40s elapsed]
aws_s3_bucket.workshop: Still creating... [00m50s elapsed]
aws_s3_bucket.workshop: Still creating... [01m00s elapsed]
aws_s3_bucket.workshop: Still creating... [01m10s elapsed]
aws_s3_bucket.workshop: Still creating... [01m20s elapsed]
aws_s3_bucket.workshop: Still creating... [01m30s elapsed]
aws_s3_bucket.workshop: Still creating... [01m40s elapsed]
aws_s3_bucket.workshop: Still creating... [01m50s elapsed]
aws_s3_bucket.workshop: Still creating... [02m00s elapsed]
aws_s3_bucket.workshop: Still creating... [02m10s elapsed]
aws_s3_bucket.workshop: Still creating... [02m20s elapsed]
aws_s3_bucket.workshop: Still creating... [02m30s elapsed]
aws_s3_bucket.workshop: Still creating... [02m40s elapsed]
aws_s3_bucket.workshop: Still creating... [02m50s elapsed]
