data.aws_vpc.default: Reading...
data.aws_vpc.default: Read complete after 0s [id=vpc-11315706eb83e6705]
data.aws_subnets.default: Reading...
data.aws_subnets.default: Read complete after 0s [id=us-east-1]

Terraform used the selected providers to generate the following execution
plan. Resource actions are indicated with the following symbols:
  + create

Terraform will perform the following actions:

  # aws_db_instance.app_db will be created
  + resource "aws_db_instance" "app_db" {
      + address                               = (known after apply)
      + allocated_storage                     = 20
      + apply_immediately                     = false
      + arn                                   = (known after apply)
      + auto_minor_version_upgrade            = true
      + availability_zone                     = (known after apply)
      + backup_retention_period               = (known after apply)
      + backup_target                         = (known after apply)
      + backup_window                         = (known after apply)
      + ca_cert_identifier                    = (known after apply)
      + character_set_name                    = (known after apply)
      + copy_tags_to_snapshot                 = false
      + database_insights_mode                = (known after apply)
      + db_name                               = "app"
      + db_subnet_group_name                  = "app-db-subnet-group"
      + dedicated_log_volume                  = false
      + delete_automated_backups              = true
      + deletion_protection                   = false
      + domain_fqdn                           = (known after apply)
      + endpoint                              = (known after apply)
      + engine                                = "mysql"
      + engine_lifecycle_support              = (known after apply)
      + engine_version                        = "8.0"
      + engine_version_actual                 = (known after apply)
      + hosted_zone_id                        = (known after apply)
      + id                                    = (known after apply)
      + identifier                            = "app-db"
      + identifier_prefix                     = (known after apply)
      + instance_class                        = "db.t3.micro"
      + iops                                  = (known after apply)
      + kms_key_id                            = (known after apply)
      + latest_restorable_time                = (known after apply)
      + license_model                         = (known after apply)
      + listener_endpoint                     = (known after apply)
      + maintenance_window                    = (known after apply)
      + master_user_secret                    = (known after apply)
      + master_user_secret_kms_key_id         = (known after apply)
      + monitoring_interval                   = 0
      + monitoring_role_arn                   = (known after apply)
      + multi_az                              = (known after apply)
      + nchar_character_set_name              = (known after apply)
      + network_type                          = (known after apply)
      + option_group_name                     = (known after apply)
      + parameter_group_name                  = (known after apply)
      + password                              = (sensitive value)
      + password_wo                           = (write-only attribute)
      + performance_insights_enabled          = false
      + performance_insights_kms_key_id       = (known after apply)
      + performance_insights_retention_period = (known after apply)
      + port                                  = (known after apply)
      + publicly_accessible                   = true
      + region                                = "us-east-1"
      + replica_mode                          = (known after apply)
      + replicas                              = (known after apply)
      + resource_id                           = (known after apply)
      + skip_final_snapshot                   = true
      + snapshot_identifier                   = (known after apply)
      + status                                = (known after apply)
      + storage_throughput                    = (known after apply)
      + storage_type                          = (known after apply)
      + tags                                  = {
          + "Name" = "app-db"
        }
      + tags_all                              = {
          + "Name" = "app-db"
        }
      + timezone                              = (known after apply)
      + upgrade_rollout_order                 = (known after apply)
      + username                              = "admin"
      + vpc_security_group_ids                = (known after apply)
    }

  # aws_db_subnet_group.default will be created
  + resource "aws_db_subnet_group" "default" {
      + arn                     = (known after apply)
      + description             = "Managed by Terraform"
      + id                      = (known after apply)
      + name                    = "app-db-subnet-group"
      + name_prefix             = (known after apply)
      + region                  = "us-east-1"
      + subnet_ids              = [
          + "subnet-236152ab0aa61580a",
          + "subnet-238db1949c6a6a720",
          + "subnet-401541361176a98e5",
          + "subnet-79ff68784a4997c59",
          + "subnet-e5e4b5e17b05cec44",
          + "subnet-fa383184d48429f90",
        ]
      + supported_network_types = (known after apply)
      + tags_all                = (known after apply)
      + vpc_id                  = (known after apply)
    }

  # aws_security_group.db_sg will be created
  + resource "aws_security_group" "db_sg" {
      + arn                    = (known after apply)
      + description            = "Allow MySQL access"
      + egress                 = [
          + {
              + cidr_blocks      = [
                  + "0.0.0.0/0",
                ]
              + from_port        = 0
              + ipv6_cidr_blocks = []
              + prefix_list_ids  = []
              + protocol         = "-1"
              + security_groups  = []
              + self             = false
              + to_port          = 0
                # (1 unchanged attribute hidden)
            },
        ]
      + id                     = (known after apply)
      + ingress                = [
          + {
              + cidr_blocks      = [
                  + "0.0.0.0/0",
                ]
              + from_port        = 3306
              + ipv6_cidr_blocks = []
              + prefix_list_ids  = []
              + protocol         = "tcp"
              + security_groups  = []
              + self             = false
              + to_port          = 3306
                # (1 unchanged attribute hidden)
            },
        ]
      + name                   = "app-db-sg"
      + name_prefix            = (known after apply)
      + owner_id               = (known after apply)
      + region                 = "us-east-1"
      + revoke_rules_on_delete = false
      + tags_all               = (known after apply)
      + vpc_id                 = "vpc-11315706eb83e6705"
    }

Plan: 3 to add, 0 to change, 0 to destroy.

Changes to Outputs:
  + rds_db_name  = "app"
  + rds_endpoint = (known after apply)
aws_db_subnet_group.default: Creating...
aws_security_group.db_sg: Creating...
aws_security_group.db_sg: Creation complete after 0s [id=sg-e772260c8aa571e9a]
aws_db_subnet_group.default: Creation complete after 0s [id=app-db-subnet-group]
aws_db_instance.app_db: Creating...
aws_db_instance.app_db: Still creating... [00m10s elapsed]
aws_db_instance.app_db: Still creating... [00m20s elapsed]
aws_db_instance.app_db: Still creating... [00m30s elapsed]
aws_db_instance.app_db: Still creating... [00m40s elapsed]
aws_db_instance.app_db: Still creating... [00m50s elapsed]
aws_db_instance.app_db: Still creating... [01m00s elapsed]
aws_db_instance.app_db: Still creating... [01m10s elapsed]
aws_db_instance.app_db: Still creating... [01m20s elapsed]
aws_db_instance.app_db: Still creating... [01m30s elapsed]
