data.archive_file.lambda_dummy: Reading...
data.archive_file.lambda_dummy: Read complete after 0s [id=58e93fade67637870be5af38eff8d5aa66c7da49]

Terraform used the selected providers to generate the following execution
plan. Resource actions are indicated with the following symbols:
  + create

Terraform will perform the following actions:

  # aws_api_gateway_deployment.this will be created
  + resource "aws_api_gateway_deployment" "this" {
      + created_date  = (known after apply)
      + execution_arn = (known after apply)
      + id            = (known after apply)
      + invoke_url    = (known after apply)
      + rest_api_id   = (known after apply)
      + triggers      = (known after apply)
    }

  # aws_api_gateway_integration.product_lambda will be created
  + resource "aws_api_gateway_integration" "product_lambda" {
      + cache_namespace         = (known after apply)
      + connection_type         = "INTERNET"
      + http_method             = "ANY"
      + id                      = (known after apply)
      + integration_http_method = "POST"
      + passthrough_behavior    = (known after apply)
      + resource_id             = (known after apply)
      + rest_api_id             = (known after apply)
      + timeout_milliseconds    = 29000
      + type                    = "AWS_PROXY"
      + uri                     = (known after apply)
    }

  # aws_api_gateway_method.product_any will be created
  + resource "aws_api_gateway_method" "product_any" {
      + api_key_required = false
      + authorization    = "NONE"
      + http_method      = "ANY"
      + id               = (known after apply)
      + resource_id      = (known after apply)
      + rest_api_id      = (known after apply)
    }

  # aws_api_gateway_resource.product_api will be created
  + resource "aws_api_gateway_resource" "product_api" {
      + id          = (known after apply)
      + parent_id   = (known after apply)
      + path        = (known after apply)
      + path_part   = "productApi"
      + rest_api_id = (known after apply)
    }

  # aws_api_gateway_rest_api.this will be created
  + resource "aws_api_gateway_rest_api" "this" {
      + api_key_source               = (known after apply)
      + arn                          = (known after apply)
      + binary_media_types           = (known after apply)
      + created_date                 = (known after apply)
      + description                  = (known after apply)
      + disable_execute_api_endpoint = (known after apply)
      + execution_arn                = (known after apply)
      + id                           = (known after apply)
      + minimum_compression_size     = (known after apply)
      + name                         = "product-api-api"
      + policy                       = (known after apply)
      + root_resource_id             = (known after apply)
      + tags_all                     = {
          + "ManagedBy" = "terraform"
          + "Project"   = "product-api"
        }

      + endpoint_configuration {
          + ip_address_type  = (known after apply)
          + types            = [
              + "REGIONAL",
            ]
          + vpc_endpoint_ids = (known after apply)
        }
    }

  # aws_api_gateway_stage.this will be created
  + resource "aws_api_gateway_stage" "this" {
      + arn           = (known after apply)
      + deployment_id = (known after apply)
      + execution_arn = (known after apply)
      + id            = (known after apply)
      + invoke_url    = (known after apply)
      + rest_api_id   = (known after apply)
      + stage_name    = "dev"
      + tags_all      = {
          + "ManagedBy" = "terraform"
          + "Project"   = "product-api"
        }
      + web_acl_arn   = (known after apply)
    }

  # aws_cloudwatch_log_group.lambda will be created
  + resource "aws_cloudwatch_log_group" "lambda" {
      + arn               = (known after apply)
      + id                = (known after apply)
      + log_group_class   = (known after apply)
      + name              = "/aws/lambda/product-api-handler"
      + name_prefix       = (known after apply)
      + retention_in_days = 7
      + skip_destroy      = false
      + tags_all          = {
          + "ManagedBy" = "terraform"
          + "Project"   = "product-api"
        }
    }

  # aws_iam_role.lambda_exec will be created
  + resource "aws_iam_role" "lambda_exec" {
      + arn                   = (known after apply)
      + assume_role_policy    = jsonencode(
            {
              + Statement = [
                  + {
                      + Action    = "sts:AssumeRole"
                      + Effect    = "Allow"
                      + Principal = {
                          + Service = "lambda.amazonaws.com"
                        }
                    },
                ]
              + Version   = "2012-10-17"
            }
        )
      + create_date           = (known after apply)
      + force_detach_policies = false
      + id                    = (known after apply)
      + managed_policy_arns   = (known after apply)
      + max_session_duration  = 3600
      + name                  = "product-api-lambda-exec"
      + name_prefix           = (known after apply)
      + path                  = "/"
      + tags_all              = {
          + "ManagedBy" = "terraform"
          + "Project"   = "product-api"
        }
      + unique_id             = (known after apply)

      + inline_policy (known after apply)
    }

  # aws_iam_role_policy_attachment.lambda_basic will be created
  + resource "aws_iam_role_policy_attachment" "lambda_basic" {
      + id         = (known after apply)
      + policy_arn = "arn:aws:iam::aws:policy/service-role/AWSLambdaBasicExecutionRole"
      + role       = "product-api-lambda-exec"
    }

  # aws_lambda_function.product will be created
  + resource "aws_lambda_function" "product" {
      + architectures                  = (known after apply)
      + arn                            = (known after apply)
      + code_sha256                    = (known after apply)
      + filename                       = "../product-lambda.jar"
      + function_name                  = "product-api-handler"
      + handler                        = "com.example.product.ProductHandler::handleRequest"
      + id                             = (known after apply)
      + invoke_arn                     = (known after apply)
      + last_modified                  = (known after apply)
      + memory_size                    = 512
      + package_type                   = "Zip"
      + publish                        = true
      + qualified_arn                  = (known after apply)
      + qualified_invoke_arn           = (known after apply)
      + reserved_concurrent_executions = -1
      + role                           = (known after apply)
      + runtime                        = "java17"
      + signing_job_arn                = (known after apply)
      + signing_profile_version_arn    = (known after apply)
      + skip_destroy                   = false
      + source_code_hash               = "uM9pN/aFLi98wZmyXWpwBb4nipwIwiJdhnPaO9mGbNU="
      + source_code_size               = (known after apply)
      + tags_all                       = {
          + "ManagedBy" = "terraform"
          + "Project"   = "product-api"
        }
      + timeout                        = 10
      + version                        = (known after apply)

      + ephemeral_storage (known after apply)

      + logging_config (known after apply)

      + tracing_config (known after apply)
    }

  # aws_lambda_permission.apigw_invoke will be created
  + resource "aws_lambda_permission" "apigw_invoke" {
      + action              = "lambda:InvokeFunction"
      + function_name       = "product-api-handler"
      + id                  = (known after apply)
      + principal           = "apigateway.amazonaws.com"
      + source_arn          = (known after apply)
      + statement_id        = "AllowExecutionFromAPIGateway"
      + statement_id_prefix = (known after apply)
    }

Plan: 11 to add, 0 to change, 0 to destroy.

Changes to Outputs:
  + invoke_url           = (known after apply)
  + lambda_function_name = "product-api-handler"
  + rest_api_id          = (known after apply)
aws_iam_role.lambda_exec: Creating...
aws_api_gateway_rest_api.this: Creating...
aws_iam_role.lambda_exec: Creation complete after 0s [id=product-api-lambda-exec]
aws_iam_role_policy_attachment.lambda_basic: Creating...
aws_lambda_function.product: Creating...
aws_iam_role_policy_attachment.lambda_basic: Creation complete after 0s [id=product-api-lambda-exec-20260127110304467400000001]
aws_api_gateway_rest_api.this: Creation complete after 2s [id=wndn1xqvft]
aws_api_gateway_resource.product_api: Creating...
aws_api_gateway_resource.product_api: Creation complete after 0s [id=l2emd8etwo]
aws_api_gateway_method.product_any: Creating...
aws_api_gateway_method.product_any: Creation complete after 0s [id=agm-wndn1xqvft-l2emd8etwo-ANY]
aws_lambda_function.product: Creation complete after 8s [id=product-api-handler]
aws_lambda_permission.apigw_invoke: Creating...
aws_api_gateway_integration.product_lambda: Creating...
aws_cloudwatch_log_group.lambda: Creating...
aws_lambda_permission.apigw_invoke: Creation complete after 0s [id=AllowExecutionFromAPIGateway]
aws_api_gateway_integration.product_lambda: Creation complete after 0s [id=agi-wndn1xqvft-l2emd8etwo-ANY]
aws_api_gateway_deployment.this: Creating...
aws_api_gateway_deployment.this: Creation complete after 0s [id=2ukyptxc5l]
aws_api_gateway_stage.this: Creating...
aws_api_gateway_stage.this: Creation complete after 0s [id=ags-wndn1xqvft-dev]
aws_cloudwatch_log_group.lambda: Creation complete after 0s [id=/aws/lambda/product-api-handler]

Apply complete! Resources: 11 added, 0 changed, 0 destroyed.

Outputs:

invoke_url = "https://wndn1xqvft.execute-api.us-east-1.amazonaws.com/dev"
lambda_function_name = "product-api-handler"
rest_api_id = "wndn1xqvft"
