{"format_version":"1.2","terraform_version":"1.13.5","variables":{"app_name":{"value":"product-api"},"aws_region":{"value":"us-east-1"},"lambda_jar_path":{"value":"../product-lambda.jar"},"stage_name":{"value":"dev"}},"planned_values":{"outputs":{"invoke_url":{"sensitive":false},"lambda_function_name":{"sensitive":false,"type":"string","value":"product-api-handler"},"rest_api_id":{"sensitive":false}},"root_module":{"resources":[{"address":"aws_api_gateway_deployment.this","mode":"managed","type":"aws_api_gateway_deployment","name":"this","provider_name":"registry.terraform.io/hashicorp/aws","schema_version":0,"values":{"canary_settings":[],"description":null,"stage_description":null,"stage_name":null,"variables":null},"sensitive_values":{"canary_settings":[],"triggers":{}}},{"address":"aws_api_gateway_integration.product_lambda","mode":"managed","type":"aws_api_gateway_integration","name":"product_lambda","provider_name":"registry.terraform.io/hashicorp/aws","schema_version":0,"values":{"cache_key_parameters":null,"connection_id":null,"connection_type":"INTERNET","content_handling":null,"credentials":null,"http_method":"ANY","integration_http_method":"POST","request_parameters":null,"request_templates":null,"timeout_milliseconds":29000,"tls_config":[],"type":"AWS_PROXY"},"sensitive_values":{"tls_config":[]}},{"address":"aws_api_gateway_method.product_any","mode":"managed","type":"aws_api_gateway_method","name":"product_any","provider_name":"registry.terraform.io/hashicorp/aws","schema_version":0,"values":{"api_key_required":false,"authorization":"NONE","authorization_scopes":null,"authorizer_id":null,"http_method":"ANY","operation_name":null,"request_models":null,"request_parameters":null,"request_validator_id":null},"sensitive_values":{}},{"address":"aws_api_gateway_resource.product_api","mode":"managed","type":"aws_api_gateway_resource","name":"product_api","provider_name":"registry.terraform.io/hashicorp/aws","schema_version":0,"values":{"path_part":"productApi"},"sensitive_values":{}},{"address":"aws_api_gateway_rest_api.this","mode":"managed","type":"aws_api_gateway_rest_api","name":"this","provider_name":"registry.terraform.io/hashicorp/aws","schema_version":0,"values":{"body":null,"endpoint_configuration":[{"types":["REGIONAL"]}],"fail_on_warnings":null,"name":"product-api-api","parameters":null,"put_rest_api_mode":null,"tags":null,"tags_all":{"ManagedBy":"terraform","Project":"product-api"}},"sensitive_values":{"binary_media_types":[],"endpoint_configuration":[{"types":[false],"vpc_endpoint_ids":[]}],"tags_all":{}}},{"address":"aws_api_gateway_stage.this","mode":"managed","type":"aws_api_gateway_stage","name":"this","provider_name":"registry.terraform.io/hashicorp/aws","schema_version":0,"values":{"access_log_settings":[],"cache_cluster_enabled":null,"cache_cluster_size":null,"canary_settings":[],"client_certificate_id":null,"description":null,"documentation_version":null,"stage_name":"dev","tags":null,"tags_all":{"ManagedBy":"terraform","Project":"product-api"},"variables":null,"xray_tracing_enabled":null},"sensitive_values":{"access_log_settings":[],"canary_settings":[],"tags_all":{}}},{"address":"aws_cloudwatch_log_group.lambda","mode":"managed","type":"aws_cloudwatch_log_group","name":"lambda","provider_name":"registry.terraform.io/hashicorp/aws","schema_version":0,"values":{"kms_key_id":null,"name":"/aws/lambda/product-api-handler","retention_in_days":7,"skip_destroy":false,"tags":null,"tags_all":{"ManagedBy":"terraform","Project":"product-api"}},"sensitive_values":{"tags_all":{}}},{"address":"aws_iam_role.lambda_exec","mode":"managed","type":"aws_iam_role","name":"lambda_exec","provider_name":"registry.terraform.io/hashicorp/aws","schema_version":0,"values":{"assume_role_policy":"{\"Statement\":[{\"Action\":\"sts:AssumeRole\",\"Effect\":\"Allow\",\"Principal\":{\"Service\":\"lambda.amazonaws.com\"}}],\"Version\":\"2012-10-17\"}","description":null,"force_detach_policies":false,"max_session_duration":3600,"name":"product-api-lambda-exec","path":"/","permissions_boundary":null,"tags":null,"tags_all":{"ManagedBy":"terraform","Project":"product-api"}},"sensitive_values":{"inline_policy":[],"managed_policy_arns":[],"tags_all":{}}},{"address":"aws_iam_role_policy_attachment.lambda_basic","mode":"managed","type":"aws_iam_role_policy_attachment","name":"lambda_basic","provider_name":"registry.terraform.io/hashicorp/aws","schema_version":0,"values":{"policy_arn":"arn:aws:iam::aws:policy/service-role/AWSLambdaBasicExecutionRole","role":"product-api-lambda-exec"},"sensitive_values":{}},{"address":"aws_lambda_function.product","mode":"managed","type":"aws_lambda_function","name":"product","provider_name":"registry.terraform.io/hashicorp/aws","schema_version":0,"values":{"code_signing_config_arn":null,"dead_letter_config":[],"description":null,"environment":[],"file_system_config":[],"filename":"../product-lambda.jar","function_name":"product-api-handler","handler":"com.example.product.ProductHandler::handleRequest","image_config":[],"image_uri":null,"kms_key_arn":null,"layers":null,"memory_size":512,"package_type":"Zip","publish":true,"replace_security_groups_on_destroy":null,"replacement_security_group_ids":null,"reserved_concurrent_executions":-1,"runtime":"java17","s3_bucket":null,"s3_key":null,"s3_object_version":null,"skip_destroy":false,"snap_start":[],"source_code_hash":"uM9pN/aFLi98wZmyXWpwBb4nipwIwiJdhnPaO9mGbNU=","tags":null,"tags_all":{"ManagedBy":"terraform","Project":"product-api"},"timeout":10,"timeouts":null,"vpc_config":[]},"sensitive_values":{"architectures":[],"dead_letter_config":[],"environment":[],"ephemeral_storage":[],"file_system_config":[],"image_config":[],"logging_config":[],"snap_start":[],"tags_all":{},"tracing_config":[],"vpc_config":[]}},{"address":"aws_lambda_permission.apigw_invoke","mode":"managed","type":"aws_lambda_permission","name":"apigw_invoke","provider_name":"registry.terraform.io/hashicorp/aws","schema_version":0,"values":{"action":"lambda:InvokeFunction","event_source_token":null,"function_name":"product-api-handler","function_url_auth_type":null,"principal":"apigateway.amazonaws.com","principal_org_id":null,"qualifier":null,"source_account":null,"statement_id":"AllowExecutionFromAPIGateway"},"sensitive_values":{}}]}},"resource_changes":[{"address":"aws_api_gateway_deployment.this","mode":"managed","type":"aws_api_gateway_deployment","name":"this","provider_name":"registry.terraform.io/hashicorp/aws","change":{"actions":["create"],"before":null,"after":{"canary_settings":[],"description":null,"stage_description":null,"stage_name":null,"variables":null},"after_unknown":{"canary_settings":[],"created_date":true,"execution_arn":true,"id":true,"invoke_url":true,"rest_api_id":true,"triggers":true},"before_sensitive":false,"after_sensitive":{"canary_settings":[],"triggers":{}}}},{"address":"aws_api_gateway_integration.product_lambda","mode":"managed","type":"aws_api_gateway_integration","name":"product_lambda","provider_name":"registry.terraform.io/hashicorp/aws","change":{"actions":["create"],"before":null,"after":{"cache_key_parameters":null,"connection_id":null,"connection_type":"INTERNET","content_handling":null,"credentials":null,"http_method":"ANY","integration_http_method":"POST","request_parameters":null,"request_templates":null,"timeout_milliseconds":29000,"tls_config":[],"type":"AWS_PROXY"},"after_unknown":{"cache_namespace":true,"id":true,"passthrough_behavior":true,"resource_id":true,"rest_api_id":true,"tls_config":[],"uri":true},"before_sensitive":false,"after_sensitive":{"tls_config":[]}}},{"address":"aws_api_gateway_method.product_any","mode":"managed","type":"aws_api_gateway_method","name":"product_any","provider_name":"registry.terraform.io/hashicorp/aws","change":{"actions":["create"],"before":null,"after":{"api_key_required":false,"authorization":"NONE","authorization_scopes":null,"authorizer_id":null,"http_method":"ANY","operation_name":null,"request_models":null,"request_parameters":null,"request_validator_id":null},"after_unknown":{"id":true,"resource_id":true,"rest_api_id":true},"before_sensitive":false,"after_sensitive":{}}},{"address":"aws_api_gateway_resource.product_api","mode":"managed","type":"aws_api_gateway_resource","name":"product_api","provider_name":"registry.terraform.io/hashicorp/aws","change":{"actions":["create"],"before":null,"after":{"path_part":"productApi"},"after_unknown":{"id":true,"parent_id":true,"path":true,"rest_api_id":true},"before_sensitive":false,"after_sensitive":{}}},{"address":"aws_api_gateway_rest_api.this","mode":"managed","type":"aws_api_gateway_rest_api","name":"this","provider_name":"registry.terraform.io/hashicorp/aws","change":{"actions":["create"],"before":null,"after":{"body":null,"endpoint_configuration":[{"types":["REGIONAL"]}],"fail_on_warnings":null,"name":"product-api-api","parameters":null,"put_rest_api_mode":null,"tags":null,"tags_all":{"ManagedBy":"terraform","Project":"product-api"}},"after_unknown":{"api_key_source":true,"arn":true,"binary_media_types":true,"created_date":true,"description":true,"disable_execute_api_endpoint":true,"endpoint_configuration":[{"ip_address_type":true,"types":[false],"vpc_endpoint_ids":true}],"execution_arn":true,"id":true,"minimum_compression_size":true,"policy":true,"root_resource_id":true,"tags_all":{}},"before_sensitive":false,"after_sensitive":{"binary_media_types":[],"endpoint_configuration":[{"types":[false],"vpc_endpoint_ids":[]}],"tags_all":{}}}},{"address":"aws_api_gateway_stage.this","mode":"managed","type":"aws_api_gateway_stage","name":"this","provider_name":"registry.terraform.io/hashicorp/aws","change":{"actions":["create"],"before":null,"after":{"access_log_settings":[],"cache_cluster_enabled":null,"cache_cluster_size":null,"canary_settings":[],"client_certificate_id":null,"description":null,"documentation_version":null,"stage_name":"dev","tags":null,"tags_all":{"ManagedBy":"terraform","Project":"product-api"},"variables":null,"xray_tracing_enabled":null},"after_unknown":{"access_log_settings":[],"arn":true,"canary_settings":[],"deployment_id":true,"execution_arn":true,"id":true,"invoke_url":true,"rest_api_id":true,"tags_all":{},"web_acl_arn":true},"before_sensitive":false,"after_sensitive":{"access_log_settings":[],"canary_settings":[],"tags_all":{}}}},{"address":"aws_cloudwatch_log_group.lambda","mode":"managed","type":"aws_cloudwatch_log_group","name":"lambda","provider_name":"registry.terraform.io/hashicorp/aws","change":{"actions":["create"],"before":null,"after":{"kms_key_id":null,"name":"/aws/lambda/product-api-handler","retention_in_days":7,"skip_destroy":false,"tags":null,"tags_all":{"ManagedBy":"terraform","Project":"product-api"}},"after_unknown":{"arn":true,"id":true,"log_group_class":true,"name_prefix":true,"tags_all":{}},"before_sensitive":false,"after_sensitive":{"tags_all":{}}}},{"address":"aws_iam_role.lambda_exec","mode":"managed","type":"aws_iam_role","name":"lambda_exec","provider_name":"registry.terraform.io/hashicorp/aws","change":{"actions":["create"],"before":null,"after":{"assume_role_policy":"{\"Statement\":[{\"Action\":\"sts:AssumeRole\",\"Effect\":\"Allow\",\"Principal\":{\"Service\":\"lambda.amazonaws.com\"}}],\"Version\":\"2012-10-17\"}","description":null,"force_detach_policies":false,"max_session_duration":3600,"name":"product-api-lambda-exec","path":"/","permissions_boundary":null,"tags":null,"tags_all":{"ManagedBy":"terraform","Project":"product-api"}},"after_unknown":{"arn":true,"create_date":true,"id":true,"inline_policy":true,"managed_policy_arns":true,"name_prefix":true,"tags_all":{},"unique_id":true},"before_sensitive":false,"after_sensitive":{"inline_policy":[],"managed_policy_arns":[],"tags_all":{}}}},{"address":"aws_iam_role_policy_attachment.lambda_basic","mode":"managed","type":"aws_iam_role_policy_attachment","name":"lambda_basic","provider_name":"registry.terraform.io/hashicorp/aws","change":{"actions":["create"],"before":null,"after":{"policy_arn":"arn:aws:iam::aws:policy/service-role/AWSLambdaBasicExecutionRole","role":"product-api-lambda-exec"},"after_unknown":{"id":true},"before_sensitive":false,"after_sensitive":{}}},{"address":"aws_lambda_function.product","mode":"managed","type":"aws_lambda_function","name":"product","provider_name":"registry.terraform.io/hashicorp/aws","change":{"actions":["create"],"before":null,"after":{"code_signing_config_arn":null,"dead_letter_config":[],"description":null,"environment":[],"file_system_config":[],"filename":"../product-lambda.jar","function_name":"product-api-handler","handler":"com.example.product.ProductHandler::handleRequest","image_config":[],"image_uri":null,"kms_key_arn":null,"layers":null,"memory_size":512,"package_type":"Zip","publish":true,"replace_security_groups_on_destroy":null,"replacement_security_group_ids":null,"reserved_concurrent_executions":-1,"runtime":"java17","s3_bucket":null,"s3_key":null,"s3_object_version":null,"skip_destroy":false,"snap_start":[],"source_code_hash":"uM9pN/aFLi98wZmyXWpwBb4nipwIwiJdhnPaO9mGbNU=","tags":null,"tags_all":{"ManagedBy":"terraform","Project":"product-api"},"timeout":10,"timeouts":null,"vpc_config":[]},"after_unknown":{"architectures":true,"arn":true,"code_sha256":true,"dead_letter_config":[],"environment":[],"ephemeral_storage":true,"file_system_config":[],"id":true,"image_config":[],"invoke_arn":true,"last_modified":true,"logging_config":true,"qualified_arn":true,"qualified_invoke_arn":true,"role":true,"signing_job_arn":true,"signing_profile_version_arn":true,"snap_start":[],"source_code_size":true,"tags_all":{},"tracing_config":true,"version":true,"vpc_config":[]},"before_sensitive":false,"after_sensitive":{"architectures":[],"dead_letter_config":[],"environment":[],"ephemeral_storage":[],"file_system_config":[],"image_config":[],"logging_config":[],"snap_start":[],"tags_all":{},"tracing_config":[],"vpc_config":[]}}},{"address":"aws_lambda_permission.apigw_invoke","mode":"managed","type":"aws_lambda_permission","name":"apigw_invoke","provider_name":"registry.terraform.io/hashicorp/aws","change":{"actions":["create"],"before":null,"after":{"action":"lambda:InvokeFunction","event_source_token":null,"function_name":"product-api-handler","function_url_auth_type":null,"principal":"apigateway.amazonaws.com","principal_org_id":null,"qualifier":null,"source_account":null,"statement_id":"AllowExecutionFromAPIGateway"},"after_unknown":{"id":true,"source_arn":true,"statement_id_prefix":true},"before_sensitive":false,"after_sensitive":{}}}],"output_changes":{"invoke_url":{"actions":["create"],"before":null,"after_unknown":true,"before_sensitive":false,"after_sensitive":false},"lambda_function_name":{"actions":["create"],"before":null,"after":"product-api-handler","after_unknown":false,"before_sensitive":false,"after_sensitive":false},"rest_api_id":{"actions":["create"],"before":null,"after_unknown":true,"before_sensitive":false,"after_sensitive":false}},"prior_state":{"format_version":"1.0","terraform_version":"1.13.5","values":{"outputs":{"lambda_function_name":{"sensitive":false,"value":"product-api-handler","type":"string"}},"root_module":{"resources":[{"address":"data.archive_file.lambda_dummy","mode":"data","type":"archive_file","name":"lambda_dummy","provider_name":"registry.terraform.io/hashicorp/archive","schema_version":0,"values":{"exclude_symlink_directories":null,"excludes":null,"id":"58e93fade67637870be5af38eff8d5aa66c7da49","output_base64sha256":"wmbalFzzY/wG3ivChKElOZB3+B4gptmQyIat05p+fU4=","output_base64sha512":"BQYAg1LwEY4tDmry1VoRx6StX0vjH+7LpfB5KAZLVvfJQjioPbBv1QxI6QF6P2U614fU3h9XKBCb9z5Y1ornqA==","output_file_mode":null,"output_md5":"a0dbd832a6a977d6d5b28ea5c85e30fb","output_path":"./.dummy/lambda.zip","output_sha":"58e93fade67637870be5af38eff8d5aa66c7da49","output_sha256":"c266da945cf363fc06de2bc284a125399077f81e20a6d990c886add39a7e7d4e","output_sha512":"0506008352f0118e2d0e6af2d55a11c7a4ad5f4be31feecba5f07928064b56f7c94238a83db06fd50c48e9017a3f653ad787d4de1f5728109bf73e58d68ae7a8","output_size":246,"source":[{"content":"exports.handler = async (event) =\u003e {\n  console.log(\"Dummy lambda invoked\");\n  return { statusCode: 200, body: \"dummy\" };\n};\n","filename":"index.js"}],"source_content":null,"source_content_filename":null,"source_dir":null,"source_file":null,"type":"zip"},"sensitive_values":{"source":[{}]}}]}}},"configuration":{"provider_config":{"archive":{"name":"archive","full_name":"registry.terraform.io/hashicorp/archive"},"aws":{"name":"aws","full_name":"registry.terraform.io/hashicorp/aws","version_constraint":"~\u003e 5.44","expressions":{"default_tags":[{"tags":{"references":["var.app_name"]}}],"region":{"references":["var.aws_region"]}}}},"root_module":{"outputs":{"invoke_url":{"expression":{"references":["aws_api_gateway_stage.this.invoke_url","aws_api_gateway_stage.this"]},"description":"Base invoke URL for the deployed stage."},"lambda_function_name":{"expression":{"references":["aws_lambda_function.product.function_name","aws_lambda_function.product"]},"description":"Deployed Lambda function name."},"rest_api_id":{"expression":{"references":["aws_api_gateway_rest_api.this.id","aws_api_gateway_rest_api.this"]},"description":"API Gateway REST API ID."}},"resources":[{"address":"aws_api_gateway_deployment.this","mode":"managed","type":"aws_api_gateway_deployment","name":"this","provider_config_key":"aws","expressions":{"rest_api_id":{"references":["aws_api_gateway_rest_api.this.id","aws_api_gateway_rest_api.this"]},"triggers":{"references":["aws_api_gateway_method.product_any.id","aws_api_gateway_method.product_any","aws_api_gateway_integration.product_lambda.id","aws_api_gateway_integration.product_lambda"]}},"schema_version":0,"depends_on":["aws_api_gateway_integration.product_lambda"]},{"address":"aws_api_gateway_integration.product_lambda","mode":"managed","type":"aws_api_gateway_integration","name":"product_lambda","provider_config_key":"aws","expressions":{"http_method":{"references":["aws_api_gateway_method.product_any.http_method","aws_api_gateway_method.product_any"]},"integration_http_method":{"constant_value":"POST"},"resource_id":{"references":["aws_api_gateway_resource.product_api.id","aws_api_gateway_resource.product_api"]},"rest_api_id":{"references":["aws_api_gateway_rest_api.this.id","aws_api_gateway_rest_api.this"]},"type":{"constant_value":"AWS_PROXY"},"uri":{"references":["aws_lambda_function.product.invoke_arn","aws_lambda_function.product"]}},"schema_version":0},{"address":"aws_api_gateway_method.product_any","mode":"managed","type":"aws_api_gateway_method","name":"product_any","provider_config_key":"aws","expressions":{"authorization":{"constant_value":"NONE"},"http_method":{"constant_value":"ANY"},"resource_id":{"references":["aws_api_gateway_resource.product_api.id","aws_api_gateway_resource.product_api"]},"rest_api_id":{"references":["aws_api_gateway_rest_api.this.id","aws_api_gateway_rest_api.this"]}},"schema_version":0},{"address":"aws_api_gateway_resource.product_api","mode":"managed","type":"aws_api_gateway_resource","name":"product_api","provider_config_key":"aws","expressions":{"parent_id":{"references":["aws_api_gateway_rest_api.this.root_resource_id","aws_api_gateway_rest_api.this"]},"path_part":{"constant_value":"productApi"},"rest_api_id":{"references":["aws_api_gateway_rest_api.this.id","aws_api_gateway_rest_api.this"]}},"schema_version":0},{"address":"aws_api_gateway_rest_api.this","mode":"managed","type":"aws_api_gateway_rest_api","name":"this","provider_config_key":"aws","expressions":{"endpoint_configuration":[{"types":{"constant_value":["REGIONAL"]}}],"name":{"references":["local.api_name"]}},"schema_version":0},{"address":"aws_api_gateway_stage.this","mode":"managed","type":"aws_api_gateway_stage","name":"this","provider_config_key":"aws","expressions":{"deployment_id":{"references":["aws_api_gateway_deployment.this.id","aws_api_gateway_deployment.this"]},"rest_api_id":{"references":["aws_api_gateway_rest_api.this.id","aws_api_gateway_rest_api.this"]},"stage_name":{"references":["var.stage_name"]}},"schema_version":0},{"address":"aws_cloudwatch_log_group.lambda","mode":"managed","type":"aws_cloudwatch_log_group","name":"lambda","provider_config_key":"aws","expressions":{"name":{"references":["aws_lambda_function.product.function_name","aws_lambda_function.product"]},"retention_in_days":{"constant_value":7}},"schema_version":0},{"address":"aws_iam_role.lambda_exec","mode":"managed","type":"aws_iam_role","name":"lambda_exec","provider_config_key":"aws","expressions":{"assume_role_policy":{},"name":{"references":["var.app_name"]}},"schema_version":0},{"address":"aws_iam_role_policy_attachment.lambda_basic","mode":"managed","type":"aws_iam_role_policy_attachment","name":"lambda_basic","provider_config_key":"aws","expressions":{"policy_arn":{"constant_value":"arn:aws:iam::aws:policy/service-role/AWSLambdaBasicExecutionRole"},"role":{"references":["aws_iam_role.lambda_exec.name","aws_iam_role.lambda_exec"]}},"schema_version":0},{"address":"aws_lambda_function.product","mode":"managed","type":"aws_lambda_function","name":"product","provider_config_key":"aws","expressions":{"filename":{"references":["var.lambda_jar_path"]},"function_name":{"references":["local.lambda_function_name"]},"handler":{"constant_value":"com.example.product.ProductHandler::handleRequest"},"memory_size":{"constant_value":512},"publish":{"constant_value":true},"role":{"references":["aws_iam_role.lambda_exec.arn","aws_iam_role.lambda_exec"]},"runtime":{"constant_value":"java17"},"source_code_hash":{"references":["var.lambda_jar_path"]},"timeout":{"constant_value":10}},"schema_version":0},{"address":"aws_lambda_permission.apigw_invoke","mode":"managed","type":"aws_lambda_permission","name":"apigw_invoke","provider_config_key":"aws","expressions":{"action":{"constant_value":"lambda:InvokeFunction"},"function_name":{"references":["aws_lambda_function.product.function_name","aws_lambda_function.product"]},"principal":{"constant_value":"apigateway.amazonaws.com"},"source_arn":{"references":["aws_api_gateway_rest_api.this.execution_arn","aws_api_gateway_rest_api.this"]},"statement_id":{"constant_value":"AllowExecutionFromAPIGateway"}},"schema_version":0},{"address":"data.archive_file.lambda_dummy","mode":"data","type":"archive_file","name":"lambda_dummy","provider_config_key":"archive","expressions":{"output_path":{"references":["local.lambda_dummy_zip"]},"source":[{"content":{"constant_value":"exports.handler = async (event) =\u003e {\n  console.log(\"Dummy lambda invoked\");\n  return { statusCode: 200, body: \"dummy\" };\n};\n"},"filename":{"constant_value":"index.js"}}],"type":{"constant_value":"zip"}},"schema_version":0}],"variables":{"app_name":{"default":"product-api","description":"Application name used for resource naming."},"aws_region":{"default":"us-east-1","description":"AWS region to deploy into."},"lambda_jar_path":{"default":"../product-lambda.jar","description":"Path to the Lambda JAR artifact (relative to this Terraform module)."},"stage_name":{"default":"dev","description":"API Gateway stage name."}}}},"relevant_attributes":[{"resource":"aws_api_gateway_resource.product_api","attribute":["id"]},{"resource":"aws_api_gateway_integration.product_lambda","attribute":["id"]},{"resource":"aws_api_gateway_method.product_any","attribute":["id"]},{"resource":"aws_lambda_function.product","attribute":["invoke_arn"]},{"resource":"aws_api_gateway_rest_api.this","attribute":["id"]},{"resource":"aws_api_gateway_stage.this","attribute":["invoke_url"]},{"resource":"aws_api_gateway_rest_api.this","attribute":["root_resource_id"]},{"resource":"aws_api_gateway_rest_api.this","attribute":["execution_arn"]},{"resource":"aws_iam_role.lambda_exec","attribute":["arn"]},{"resource":"aws_iam_role.lambda_exec","attribute":["name"]},{"resource":"aws_api_gateway_deployment.this","attribute":["id"]},{"resource":"aws_api_gateway_method.product_any","attribute":["http_method"]},{"resource":"aws_lambda_function.product","attribute":["function_name"]}],"timestamp":"2026-01-27T11:03:00Z","applyable":true,"complete":true,"errored":false}
