{"format_version":"1.2","terraform_version":"1.13.5","planned_values":{"outputs":{"input_bucket_id":{"sensitive":false},"mwaa_webserver_url":{"sensitive":false}},"root_module":{"resources":[{"address":"aws_iam_policy.mwaa_policy","mode":"managed","type":"aws_iam_policy","name":"mwaa_policy","provider_name":"registry.terraform.io/hashicorp/aws","schema_version":0,"values":{"description":"Custom policy for MWAA DAG workflows","path":"/","tags":null},"sensitive_values":{"tags_all":{}}},{"address":"aws_s3_object.dags[\"hello-world-dag.py\"]","mode":"managed","type":"aws_s3_object","name":"dags","index":"hello-world-dag.py","provider_name":"registry.terraform.io/hashicorp/aws","schema_version":0,"values":{"cache_control":null,"checksum_algorithm":null,"content":null,"content_base64":null,"content_disposition":null,"content_encoding":null,"content_language":null,"force_destroy":false,"key":"dags/hello-world-dag.py","metadata":null,"object_lock_legal_hold_status":null,"object_lock_mode":null,"object_lock_retain_until_date":null,"override_provider":[],"source":"src/dags/hello-world-dag.py","source_hash":null,"tags":null,"website_redirect":null},"sensitive_values":{"override_provider":[],"tags_all":{}}}],"child_modules":[{"resources":[{"address":"module.dag_trigger_lambda.aws_cloudwatch_log_group.lambda[0]","mode":"managed","type":"aws_cloudwatch_log_group","name":"lambda","index":0,"provider_name":"registry.terraform.io/hashicorp/aws","schema_version":0,"values":{"kms_key_id":null,"name":"/aws/lambda/dag-trigger-lambda","retention_in_days":0,"skip_destroy":false,"tags":{"Category":"Pattern","Domain":"Serverless","Project":"Trigger MWAA DAG using S3 Events","URL":"https://serverlessland.com/"},"tags_all":{"Category":"Pattern","Domain":"Serverless","Project":"Trigger MWAA DAG using S3 Events","URL":"https://serverlessland.com/"}},"sensitive_values":{"tags":{},"tags_all":{}}},{"address":"module.dag_trigger_lambda.aws_iam_policy.additional_inline[0]","mode":"managed","type":"aws_iam_policy","name":"additional_inline","index":0,"provider_name":"registry.terraform.io/hashicorp/aws","schema_version":0,"values":{"description":null,"name":"dag-trigger-lambda-inline","path":"/","tags":{"Category":"Pattern","Domain":"Serverless","Project":"Trigger MWAA DAG using S3 Events","URL":"https://serverlessland.com/"},"tags_all":{"Category":"Pattern","Domain":"Serverless","Project":"Trigger MWAA DAG using S3 Events","URL":"https://serverlessland.com/"}},"sensitive_values":{"tags":{},"tags_all":{}}},{"address":"module.dag_trigger_lambda.aws_iam_policy.logs[0]","mode":"managed","type":"aws_iam_policy","name":"logs","index":0,"provider_name":"registry.terraform.io/hashicorp/aws","schema_version":0,"values":{"description":null,"name":"dag-trigger-lambda-logs","path":"/","tags":{"Category":"Pattern","Domain":"Serverless","Project":"Trigger MWAA DAG using S3 Events","URL":"https://serverlessland.com/"},"tags_all":{"Category":"Pattern","Domain":"Serverless","Project":"Trigger MWAA DAG using S3 Events","URL":"https://serverlessland.com/"}},"sensitive_values":{"tags":{},"tags_all":{}}},{"address":"module.dag_trigger_lambda.aws_iam_role.lambda[0]","mode":"managed","type":"aws_iam_role","name":"lambda","index":0,"provider_name":"registry.terraform.io/hashicorp/aws","schema_version":0,"values":{"assume_role_policy":"{\"Statement\":[{\"Action\":\"sts:AssumeRole\",\"Effect\":\"Allow\",\"Principal\":{\"Service\":\"lambda.amazonaws.com\"}}],\"Version\":\"2012-10-17\"}","description":null,"force_detach_policies":true,"max_session_duration":3600,"name":"dag-trigger-lambda","path":"/","permissions_boundary":null,"tags":{"Category":"Pattern","Domain":"Serverless","Project":"Trigger MWAA DAG using S3 Events","URL":"https://serverlessland.com/"},"tags_all":{"Category":"Pattern","Domain":"Serverless","Project":"Trigger MWAA DAG using S3 Events","URL":"https://serverlessland.com/"}},"sensitive_values":{"inline_policy":[],"managed_policy_arns":[],"tags":{},"tags_all":{}}},{"address":"module.dag_trigger_lambda.aws_iam_role_policy_attachment.additional_inline[0]","mode":"managed","type":"aws_iam_role_policy_attachment","name":"additional_inline","index":0,"provider_name":"registry.terraform.io/hashicorp/aws","schema_version":0,"values":{"role":"dag-trigger-lambda"},"sensitive_values":{}},{"address":"module.dag_trigger_lambda.aws_iam_role_policy_attachment.logs[0]","mode":"managed","type":"aws_iam_role_policy_attachment","name":"logs","index":0,"provider_name":"registry.terraform.io/hashicorp/aws","schema_version":0,"values":{"role":"dag-trigger-lambda"},"sensitive_values":{}},{"address":"module.dag_trigger_lambda.aws_lambda_function.this[0]","mode":"managed","type":"aws_lambda_function","name":"this","index":0,"provider_name":"registry.terraform.io/hashicorp/aws","schema_version":0,"values":{"code_signing_config_arn":null,"dead_letter_config":[],"description":"Lambda to trigger DAG","environment":[{"variables":{"ACCOUNT_ID":"000000000000","LOG_LEVEL":"DEBUG","MWAA_ENV_NAME":"mwaa-serverless-land"}}],"ephemeral_storage":[{"size":512}],"file_system_config":[],"filename":"builds/e9eec75a0cec7ebf92e4b02b775b3b44299ee11376c4a3b2cab9ca5a835297e4.zip","function_name":"dag-trigger-lambda","handler":"index.lambda_handler","image_config":[],"image_uri":null,"kms_key_arn":null,"layers":null,"logging_config":[{"application_log_level":null,"log_format":"Text","system_log_level":null}],"memory_size":128,"package_type":"Zip","publish":false,"replace_security_groups_on_destroy":null,"replacement_security_group_ids":null,"reserved_concurrent_executions":-1,"runtime":"python3.12","s3_bucket":null,"s3_key":null,"s3_object_version":null,"skip_destroy":false,"snap_start":[],"tags":{"Category":"Pattern","Domain":"Serverless","Project":"Trigger MWAA DAG using S3 Events","URL":"https://serverlessland.com/"},"tags_all":{"Category":"Pattern","Domain":"Serverless","Project":"Trigger MWAA DAG using S3 Events","URL":"https://serverlessland.com/"},"timeout":30,"timeouts":null,"tracing_config":[{"mode":"Active"}],"vpc_config":[]},"sensitive_values":{"architectures":[],"dead_letter_config":[],"environment":[{"variables":{}}],"ephemeral_storage":[{}],"file_system_config":[],"image_config":[],"logging_config":[{}],"snap_start":[],"tags":{},"tags_all":{},"tracing_config":[{}],"vpc_config":[]}},{"address":"module.dag_trigger_lambda.data.aws_iam_policy_document.additional_inline[0]","mode":"data","type":"aws_iam_policy_document","name":"additional_inline","index":0,"provider_name":"registry.terraform.io/hashicorp/aws","schema_version":0,"values":{"override_json":null,"override_policy_documents":null,"policy_id":null,"source_json":null,"source_policy_documents":null,"statement":[{"actions":["airflow:CreateCliToken"],"condition":[],"effect":"Allow","not_actions":null,"not_principals":[],"not_resources":null,"principals":[],"sid":"airflowperm"}],"version":null},"sensitive_values":{"statement":[{"actions":[false],"condition":[],"not_principals":[],"principals":[],"resources":[]}]}},{"address":"module.dag_trigger_lambda.data.aws_iam_policy_document.logs[0]","mode":"data","type":"aws_iam_policy_document","name":"logs","index":0,"provider_name":"registry.terraform.io/hashicorp/aws","schema_version":0,"values":{"override_json":null,"override_policy_documents":null,"policy_id":null,"source_json":null,"source_policy_documents":null,"statement":[{"actions":["logs:CreateLogGroup","logs:CreateLogStream","logs:PutLogEvents"],"condition":[],"effect":"Allow","not_actions":null,"not_principals":[],"not_resources":null,"principals":[],"resources":[null,null],"sid":null}],"version":null},"sensitive_values":{"statement":[{"actions":[false,false,false],"condition":[],"not_principals":[],"principals":[],"resources":[false,false]}]}},{"address":"module.dag_trigger_lambda.local_file.archive_plan[0]","mode":"managed","type":"local_file","name":"archive_plan","index":0,"provider_name":"registry.terraform.io/hashicorp/local","schema_version":0,"values":{"content":"{\"filename\": \"builds/e9eec75a0cec7ebf92e4b02b775b3b44299ee11376c4a3b2cab9ca5a835297e4.zip\", \"runtime\": \"python3.12\", \"artifacts_dir\": \"builds\", \"build_plan\": [[\"zip\", \"./src/lambda/trigger-dag/\", null]]}","content_base64":null,"directory_permission":"0755","file_permission":"0644","filename":"builds/e9eec75a0cec7ebf92e4b02b775b3b44299ee11376c4a3b2cab9ca5a835297e4.plan.json","sensitive_content":null,"source":null},"sensitive_values":{"sensitive_content":true}},{"address":"module.dag_trigger_lambda.null_resource.archive[0]","mode":"managed","type":"null_resource","name":"archive","index":0,"provider_name":"registry.terraform.io/hashicorp/null","schema_version":0,"values":{"triggers":{"filename":"builds/e9eec75a0cec7ebf92e4b02b775b3b44299ee11376c4a3b2cab9ca5a835297e4.zip","timestamp":"1769514819887123200"}},"sensitive_values":{"triggers":{}}}],"address":"module.dag_trigger_lambda"},{"resources":[{"address":"module.input_bucket.aws_s3_bucket.this[0]","mode":"managed","type":"aws_s3_bucket","name":"this","index":0,"provider_name":"registry.terraform.io/hashicorp/aws","schema_version":0,"values":{"bucket":"input-us-east-1-000000000000","force_destroy":true,"object_lock_enabled":false,"tags":{"Category":"Pattern","Domain":"Serverless","Project":"Trigger MWAA DAG using S3 Events","URL":"https://serverlessland.com/"},"tags_all":{"Category":"Pattern","Domain":"Serverless","Project":"Trigger MWAA DAG using S3 Events","URL":"https://serverlessland.com/"},"timeouts":null},"sensitive_values":{"cors_rule":[],"grant":[],"lifecycle_rule":[],"logging":[],"object_lock_configuration":[],"replication_configuration":[],"server_side_encryption_configuration":[],"tags":{},"tags_all":{},"versioning":[],"website":[]}},{"address":"module.input_bucket.aws_s3_bucket_acl.this[0]","mode":"managed","type":"aws_s3_bucket_acl","name":"this","index":0,"provider_name":"registry.terraform.io/hashicorp/aws","schema_version":0,"values":{"acl":"private","expected_bucket_owner":null},"sensitive_values":{"access_control_policy":[]}},{"address":"module.input_bucket.aws_s3_bucket_ownership_controls.this[0]","mode":"managed","type":"aws_s3_bucket_ownership_controls","name":"this","index":0,"provider_name":"registry.terraform.io/hashicorp/aws","schema_version":0,"values":{"rule":[{"object_ownership":"BucketOwnerPreferred"}]},"sensitive_values":{"rule":[{}]}},{"address":"module.input_bucket.aws_s3_bucket_policy.this[0]","mode":"managed","type":"aws_s3_bucket_policy","name":"this","index":0,"provider_name":"registry.terraform.io/hashicorp/aws","schema_version":0,"sensitive_values":{}},{"address":"module.input_bucket.aws_s3_bucket_public_access_block.this[0]","mode":"managed","type":"aws_s3_bucket_public_access_block","name":"this","index":0,"provider_name":"registry.terraform.io/hashicorp/aws","schema_version":0,"values":{"block_public_acls":true,"block_public_policy":true,"ignore_public_acls":true,"restrict_public_buckets":true},"sensitive_values":{}},{"address":"module.input_bucket.aws_s3_bucket_server_side_encryption_configuration.this[0]","mode":"managed","type":"aws_s3_bucket_server_side_encryption_configuration","name":"this","index":0,"provider_name":"registry.terraform.io/hashicorp/aws","schema_version":0,"values":{"expected_bucket_owner":null,"rule":[{"apply_server_side_encryption_by_default":[{"kms_master_key_id":"","sse_algorithm":"AES256"}],"bucket_key_enabled":null}]},"sensitive_values":{"rule":[{"apply_server_side_encryption_by_default":[{}]}]}},{"address":"module.input_bucket.aws_s3_bucket_versioning.this[0]","mode":"managed","type":"aws_s3_bucket_versioning","name":"this","index":0,"provider_name":"registry.terraform.io/hashicorp/aws","schema_version":0,"values":{"expected_bucket_owner":null,"mfa":null,"versioning_configuration":[{"status":"Enabled"}]},"sensitive_values":{"versioning_configuration":[{}]}},{"address":"module.input_bucket.data.aws_iam_policy_document.combined[0]","mode":"data","type":"aws_iam_policy_document","name":"combined","index":0,"provider_name":"registry.terraform.io/hashicorp/aws","schema_version":0,"values":{"override_json":null,"override_policy_documents":null,"policy_id":null,"source_json":null,"statement":[],"version":null},"sensitive_values":{"source_policy_documents":[],"statement":[]}},{"address":"module.input_bucket.data.aws_iam_policy_document.deny_incorrect_encryption_headers[0]","mode":"data","type":"aws_iam_policy_document","name":"deny_incorrect_encryption_headers","index":0,"provider_name":"registry.terraform.io/hashicorp/aws","schema_version":0,"values":{"override_json":null,"override_policy_documents":null,"policy_id":null,"source_json":null,"source_policy_documents":null,"statement":[{"actions":["s3:PutObject"],"condition":[{"test":"StringNotEquals","values":["AES256"],"variable":"s3:x-amz-server-side-encryption"}],"effect":"Deny","not_actions":null,"not_principals":[],"not_resources":null,"principals":[{"identifiers":["*"],"type":"*"}],"resources":[null],"sid":"denyIncorrectEncryptionHeaders"}],"version":null},"sensitive_values":{"statement":[{"actions":[false],"condition":[{"values":[false]}],"not_principals":[],"principals":[{"identifiers":[false]}],"resources":[false]}]}},{"address":"module.input_bucket.data.aws_iam_policy_document.deny_insecure_transport[0]","mode":"data","type":"aws_iam_policy_document","name":"deny_insecure_transport","index":0,"provider_name":"registry.terraform.io/hashicorp/aws","schema_version":0,"values":{"override_json":null,"override_policy_documents":null,"policy_id":null,"source_json":null,"source_policy_documents":null,"statement":[{"actions":["s3:*"],"condition":[{"test":"Bool","values":["false"],"variable":"aws:SecureTransport"}],"effect":"Deny","not_actions":null,"not_principals":[],"not_resources":null,"principals":[{"identifiers":["*"],"type":"*"}],"resources":[null,null],"sid":"denyInsecureTransport"}],"version":null},"sensitive_values":{"statement":[{"actions":[false],"condition":[{"values":[false]}],"not_principals":[],"principals":[{"identifiers":[false]}],"resources":[false,false]}]}},{"address":"module.input_bucket.data.aws_iam_policy_document.require_latest_tls[0]","mode":"data","type":"aws_iam_policy_document","name":"require_latest_tls","index":0,"provider_name":"registry.terraform.io/hashicorp/aws","schema_version":0,"values":{"override_json":null,"override_policy_documents":null,"policy_id":null,"source_json":null,"source_policy_documents":null,"statement":[{"actions":["s3:*"],"condition":[{"test":"NumericLessThan","values":["1.2"],"variable":"s3:TlsVersion"}],"effect":"Deny","not_actions":null,"not_principals":[],"not_resources":null,"principals":[{"identifiers":["*"],"type":"*"}],"resources":[null,null],"sid":"denyOutdatedTLS"}],"version":null},"sensitive_values":{"statement":[{"actions":[false],"condition":[{"values":[false]}],"not_principals":[],"principals":[{"identifiers":[false]}],"resources":[false,false]}]}}],"address":"module.input_bucket"},{"resources":[{"address":"module.mwaa.aws_iam_role.mwaa[0]","mode":"managed","type":"aws_iam_role","name":"mwaa","index":0,"provider_name":"registry.terraform.io/hashicorp/aws","schema_version":0,"values":{"assume_role_policy":"{\"Statement\":[{\"Action\":\"sts:AssumeRole\",\"Effect\":\"Allow\",\"Principal\":{\"Service\":[\"s3.amazonaws.com\",\"airflow-env.amazonaws.com\",\"ssm.amazonaws.com\",\"batch.amazonaws.com\",\"lambda.amazonaws.com\",\"airflow.amazonaws.com\"]}}],\"Version\":\"2012-10-17\"}","description":"MWAA IAM Role","force_detach_policies":false,"max_session_duration":3600,"name_prefix":"mwaa-executor","path":"/","permissions_boundary":null,"tags":{"Category":"Pattern","Domain":"Serverless","Project":"Trigger MWAA DAG using S3 Events","URL":"https://serverlessland.com/"},"tags_all":{"Category":"Pattern","Domain":"Serverless","Project":"Trigger MWAA DAG using S3 Events","URL":"https://serverlessland.com/"}},"sensitive_values":{"inline_policy":[],"managed_policy_arns":[],"tags":{},"tags_all":{}}},{"address":"module.mwaa.aws_iam_role_policy.mwaa[0]","mode":"managed","type":"aws_iam_role_policy","name":"mwaa","index":0,"provider_name":"registry.terraform.io/hashicorp/aws","schema_version":0,"values":{"name_prefix":"mwaa-executor"},"sensitive_values":{}},{"address":"module.mwaa.aws_iam_role_policy_attachment.mwaa[\"dag-policy\"]","mode":"managed","type":"aws_iam_role_policy_attachment","name":"mwaa","index":"dag-policy","provider_name":"registry.terraform.io/hashicorp/aws","schema_version":0,"sensitive_values":{}},{"address":"module.mwaa.aws_mwaa_environment.mwaa","mode":"managed","type":"aws_mwaa_environment","name":"mwaa","provider_name":"registry.terraform.io/hashicorp/aws","schema_version":0,"values":{"airflow_configuration_options":{"core.load_default_connections":"false","core.load_examples":"false","logging.logging_level":"INFO","webserver.dag_default_view":"tree","webserver.dag_orientation":"TB"},"airflow_version":"2.8.1","dag_s3_path":"dags","environment_class":"mw1.small","kms_key":null,"logging_configuration":[{"dag_processing_logs":[{"enabled":true,"log_level":"INFO"}],"scheduler_logs":[{"enabled":true,"log_level":"INFO"}],"task_logs":[{"enabled":true,"log_level":"INFO"}],"webserver_logs":[{"enabled":true,"log_level":"INFO"}],"worker_logs":[{"enabled":true,"log_level":"INFO"}]}],"max_workers":2,"min_workers":1,"name":"mwaa-serverless-land","network_configuration":[{}],"plugins_s3_path":null,"requirements_s3_path":null,"startup_script_s3_path":null,"tags":{"Category":"Pattern","Domain":"Serverless","Project":"Trigger MWAA DAG using S3 Events","URL":"https://serverlessland.com/"},"tags_all":{"Category":"Pattern","Domain":"Serverless","Project":"Trigger MWAA DAG using S3 Events","URL":"https://serverlessland.com/"},"timeouts":null,"webserver_access_mode":"PUBLIC_ONLY"},"sensitive_values":{"airflow_configuration_options":true,"last_updated":[],"logging_configuration":[{"dag_processing_logs":[{}],"scheduler_logs":[{}],"task_logs":[{}],"webserver_logs":[{}],"worker_logs":[{}]}],"network_configuration":[{"security_group_ids":[],"subnet_ids":[]}],"tags":{},"tags_all":{}}},{"address":"module.mwaa.aws_security_group.mwaa[0]","mode":"managed","type":"aws_security_group","name":"mwaa","index":0,"provider_name":"registry.terraform.io/hashicorp/aws","schema_version":1,"values":{"description":"Security group for MWAA environment","name_prefix":"mwaa-","revoke_rules_on_delete":false,"tags":{"Category":"Pattern","Domain":"Serverless","Project":"Trigger MWAA DAG using S3 Events","URL":"https://serverlessland.com/"},"tags_all":{"Category":"Pattern","Domain":"Serverless","Project":"Trigger MWAA DAG using S3 Events","URL":"https://serverlessland.com/"},"timeouts":null},"sensitive_values":{"egress":[],"ingress":[],"tags":{},"tags_all":{}}},{"address":"module.mwaa.aws_security_group_rule.mwaa_sg_inbound[0]","mode":"managed","type":"aws_security_group_rule","name":"mwaa_sg_inbound","index":0,"provider_name":"registry.terraform.io/hashicorp/aws","schema_version":2,"values":{"cidr_blocks":null,"description":"Amazon MWAA inbound access","from_port":0,"ipv6_cidr_blocks":null,"prefix_list_ids":null,"protocol":"-1","self":false,"timeouts":null,"to_port":0,"type":"ingress"},"sensitive_values":{}},{"address":"module.mwaa.aws_security_group_rule.mwaa_sg_inbound_vpn[0]","mode":"managed","type":"aws_security_group_rule","name":"mwaa_sg_inbound_vpn","index":0,"provider_name":"registry.terraform.io/hashicorp/aws","schema_version":2,"values":{"cidr_blocks":["10.0.0.0/16"],"description":"VPN Access for Airflow UI","from_port":443,"ipv6_cidr_blocks":null,"prefix_list_ids":null,"protocol":"tcp","self":false,"timeouts":null,"to_port":443,"type":"ingress"},"sensitive_values":{"cidr_blocks":[false]}},{"address":"module.mwaa.aws_security_group_rule.mwaa_sg_outbound[0]","mode":"managed","type":"aws_security_group_rule","name":"mwaa_sg_outbound","index":0,"provider_name":"registry.terraform.io/hashicorp/aws","schema_version":2,"values":{"cidr_blocks":["0.0.0.0/0"],"description":"Amazon MWAA outbound access","from_port":0,"ipv6_cidr_blocks":null,"prefix_list_ids":null,"protocol":"-1","self":false,"timeouts":null,"to_port":0,"type":"egress"},"sensitive_values":{"cidr_blocks":[false]}},{"address":"module.mwaa.data.aws_iam_policy_document.mwaa","mode":"data","type":"aws_iam_policy_document","name":"mwaa","provider_name":"registry.terraform.io/hashicorp/aws","schema_version":0,"values":{"override_json":null,"override_policy_documents":null,"policy_id":null,"source_json":null,"source_policy_documents":null,"statement":[{"actions":["airflow:CreateWebLoginToken","airflow:PublishMetrics"],"condition":[],"effect":"Allow","not_actions":null,"not_principals":[],"not_resources":null,"principals":[],"resources":["arn:aws:airflow:us-east-1:000000000000:environment/mwaa-serverless-land"],"sid":null},{"actions":["s3:*"],"condition":[],"effect":"Allow","not_actions":null,"not_principals":[],"not_resources":null,"principals":[],"resources":[null,null],"sid":null},{"actions":["logs:CreateLogGroup","logs:CreateLogStream","logs:GetLogEvents","logs:GetLogGroupFields","logs:GetLogRecord","logs:GetQueryResults","logs:PutLogEvents"],"condition":[],"effect":"Allow","not_actions":null,"not_principals":[],"not_resources":null,"principals":[],"resources":["arn:aws:logs:us-east-1:000000000000:log-group:airflow-mwaa-serverless-land-*"],"sid":null},{"actions":["batch:DescribeJobs","batch:ListJobs","cloudwatch:PutMetricData","eks:*","logs:DescribeLogGroups"],"condition":[],"effect":"Allow","not_actions":null,"not_principals":[],"not_resources":null,"principals":[],"resources":["*"],"sid":null},{"actions":["sqs:ChangeMessageVisibility","sqs:DeleteMessage","sqs:GetQueueAttributes","sqs:GetQueueUrl","sqs:ReceiveMessage","sqs:SendMessage"],"condition":[],"effect":"Allow","not_actions":null,"not_principals":[],"not_resources":null,"principals":[],"resources":["arn:aws:sqs:us-east-1:*:airflow-celery-*"],"sid":null},{"actions":["kms:Decrypt","kms:DescribeKey","kms:Encrypt","kms:GenerateDataKey*"],"condition":[{"test":"StringLike","values":["sqs.us-east-1.amazonaws.com"],"variable":"kms:ViaService"}],"effect":"Allow","not_actions":null,"not_principals":[],"not_resources":["arn:aws:kms:*:000000000000:key/*"],"principals":[],"resources":null,"sid":null},{"actions":["batch:*"],"condition":[],"effect":"Allow","not_actions":null,"not_principals":[],"not_resources":null,"principals":[],"resources":["arn:aws:batch:*:000000000000:*"],"sid":null},{"actions":["ssm:*"],"condition":[],"effect":"Allow","not_actions":null,"not_principals":[],"not_resources":null,"principals":[],"resources":["arn:aws:ssm:us-east-1:000000000000:parameter/*"],"sid":null},{"actions":["logs:*"],"condition":[],"effect":"Allow","not_actions":null,"not_principals":[],"not_resources":null,"principals":[],"resources":["arn:aws:logs:us-east-1:000000000000:log-group:/aws/lambda/*"],"sid":null},{"actions":["cloudwatch:*"],"condition":[],"effect":"Allow","not_actions":null,"not_principals":[],"not_resources":null,"principals":[],"resources":["arn:aws:logs:us-east-1:000000000000:log-group:/aws/lambda/*"],"sid":null}],"version":null},"sensitive_values":{"statement":[{"actions":[false,false],"condition":[],"not_principals":[],"principals":[],"resources":[false]},{"actions":[false],"condition":[],"not_principals":[],"principals":[],"resources":[false,false]},{"actions":[false,false,false,false,false,false,false],"condition":[],"not_principals":[],"principals":[],"resources":[false]},{"actions":[false,false,false,false,false],"condition":[],"not_principals":[],"principals":[],"resources":[false]},{"actions":[false,false,false,false,false,false],"condition":[],"not_principals":[],"principals":[],"resources":[false]},{"actions":[false,false,false,false],"condition":[{"values":[false]}],"not_principals":[],"not_resources":[false],"principals":[]},{"actions":[false],"condition":[],"not_principals":[],"principals":[],"resources":[false]},{"actions":[false],"condition":[],"not_principals":[],"principals":[],"resources":[false]},{"actions":[false],"condition":[],"not_principals":[],"principals":[],"resources":[false]},{"actions":[false],"condition":[],"not_principals":[],"principals":[],"resources":[false]}]}}],"address":"module.mwaa"},{"resources":[{"address":"module.mwaa_bucket.aws_s3_bucket.this[0]","mode":"managed","type":"aws_s3_bucket","name":"this","index":0,"provider_name":"registry.terraform.io/hashicorp/aws","schema_version":0,"values":{"bucket":"mwaa-src-us-east-1-000000000000","force_destroy":true,"object_lock_enabled":false,"tags":{"Category":"Pattern","Domain":"Serverless","Project":"Trigger MWAA DAG using S3 Events","URL":"https://serverlessland.com/"},"tags_all":{"Category":"Pattern","Domain":"Serverless","Project":"Trigger MWAA DAG using S3 Events","URL":"https://serverlessland.com/"},"timeouts":null},"sensitive_values":{"cors_rule":[],"grant":[],"lifecycle_rule":[],"logging":[],"object_lock_configuration":[],"replication_configuration":[],"server_side_encryption_configuration":[],"tags":{},"tags_all":{},"versioning":[],"website":[]}},{"address":"module.mwaa_bucket.aws_s3_bucket_acl.this[0]","mode":"managed","type":"aws_s3_bucket_acl","name":"this","index":0,"provider_name":"registry.terraform.io/hashicorp/aws","schema_version":0,"values":{"acl":"private","expected_bucket_owner":null},"sensitive_values":{"access_control_policy":[]}},{"address":"module.mwaa_bucket.aws_s3_bucket_ownership_controls.this[0]","mode":"managed","type":"aws_s3_bucket_ownership_controls","name":"this","index":0,"provider_name":"registry.terraform.io/hashicorp/aws","schema_version":0,"values":{"rule":[{"object_ownership":"BucketOwnerPreferred"}]},"sensitive_values":{"rule":[{}]}},{"address":"module.mwaa_bucket.aws_s3_bucket_public_access_block.this[0]","mode":"managed","type":"aws_s3_bucket_public_access_block","name":"this","index":0,"provider_name":"registry.terraform.io/hashicorp/aws","schema_version":0,"values":{"block_public_acls":true,"block_public_policy":true,"ignore_public_acls":true,"restrict_public_buckets":true},"sensitive_values":{}},{"address":"module.mwaa_bucket.aws_s3_bucket_server_side_encryption_configuration.this[0]","mode":"managed","type":"aws_s3_bucket_server_side_encryption_configuration","name":"this","index":0,"provider_name":"registry.terraform.io/hashicorp/aws","schema_version":0,"values":{"expected_bucket_owner":null,"rule":[{"apply_server_side_encryption_by_default":[{"kms_master_key_id":"","sse_algorithm":"AES256"}],"bucket_key_enabled":null}]},"sensitive_values":{"rule":[{"apply_server_side_encryption_by_default":[{}]}]}},{"address":"module.mwaa_bucket.aws_s3_bucket_versioning.this[0]","mode":"managed","type":"aws_s3_bucket_versioning","name":"this","index":0,"provider_name":"registry.terraform.io/hashicorp/aws","schema_version":0,"values":{"expected_bucket_owner":null,"mfa":null,"versioning_configuration":[{"status":"Enabled"}]},"sensitive_values":{"versioning_configuration":[{}]}}],"address":"module.mwaa_bucket"},{"resources":[{"address":"module.s3_lambda_notif.aws_lambda_permission.allow[\"dag_trigger_lambda\"]","mode":"managed","type":"aws_lambda_permission","name":"allow","index":"dag_trigger_lambda","provider_name":"registry.terraform.io/hashicorp/aws","schema_version":0,"values":{"action":"lambda:InvokeFunction","event_source_token":null,"function_name":"dag-trigger-lambda","function_url_auth_type":null,"principal":"s3.amazonaws.com","principal_org_id":null,"qualifier":null,"source_account":null,"statement_id_prefix":"AllowLambdaS3BucketNotification-"},"sensitive_values":{}},{"address":"module.s3_lambda_notif.aws_s3_bucket_notification.this[0]","mode":"managed","type":"aws_s3_bucket_notification","name":"this","index":0,"provider_name":"registry.terraform.io/hashicorp/aws","schema_version":0,"values":{"eventbridge":true,"lambda_function":[{"events":["s3:ObjectCreated:*"],"filter_prefix":"input","filter_suffix":".json","id":"dag_trigger_lambda"}],"queue":[],"topic":[]},"sensitive_values":{"lambda_function":[{"events":[false]}],"queue":[],"topic":[]}}],"address":"module.s3_lambda_notif"},{"resources":[{"address":"module.vpc.aws_cloudwatch_log_group.flow_log[0]","mode":"managed","type":"aws_cloudwatch_log_group","name":"flow_log","index":0,"provider_name":"registry.terraform.io/hashicorp/aws","schema_version":0,"values":{"kms_key_id":null,"retention_in_days":0,"skip_destroy":false,"tags":{"Category":"Pattern","Domain":"Serverless","Project":"Trigger MWAA DAG using S3 Events","URL":"https://serverlessland.com/"},"tags_all":{"Category":"Pattern","Domain":"Serverless","Project":"Trigger MWAA DAG using S3 Events","URL":"https://serverlessland.com/"}},"sensitive_values":{"tags":{},"tags_all":{}}},{"address":"module.vpc.aws_default_network_acl.this[0]","mode":"managed","type":"aws_default_network_acl","name":"this","index":0,"provider_name":"registry.terraform.io/hashicorp/aws","schema_version":0,"values":{"egress":[{"action":"allow","cidr_block":"","from_port":0,"icmp_code":null,"icmp_type":null,"ipv6_cidr_block":"::/0","protocol":"-1","rule_no":101,"to_port":0},{"action":"allow","cidr_block":"0.0.0.0/0","from_port":0,"icmp_code":null,"icmp_type":null,"ipv6_cidr_block":"","protocol":"-1","rule_no":100,"to_port":0}],"ingress":[{"action":"allow","cidr_block":"","from_port":0,"icmp_code":null,"icmp_type":null,"ipv6_cidr_block":"::/0","protocol":"-1","rule_no":101,"to_port":0},{"action":"allow","cidr_block":"0.0.0.0/0","from_port":0,"icmp_code":null,"icmp_type":null,"ipv6_cidr_block":"","protocol":"-1","rule_no":100,"to_port":0}],"subnet_ids":null,"tags":{"Category":"Pattern","Domain":"Serverless","Name":"serverless-land-vpc-default","Project":"Trigger MWAA DAG using S3 Events","URL":"https://serverlessland.com/"},"tags_all":{"Category":"Pattern","Domain":"Serverless","Name":"serverless-land-vpc-default","Project":"Trigger MWAA DAG using S3 Events","URL":"https://serverlessland.com/"}},"sensitive_values":{"egress":[{},{}],"ingress":[{},{}],"tags":{},"tags_all":{}}},{"address":"module.vpc.aws_default_route_table.default[0]","mode":"managed","type":"aws_default_route_table","name":"default","index":0,"provider_name":"registry.terraform.io/hashicorp/aws","schema_version":0,"values":{"propagating_vgws":null,"tags":{"Category":"Pattern","Domain":"Serverless","Name":"serverless-land-vpc-default","Project":"Trigger MWAA DAG using S3 Events","URL":"https://serverlessland.com/"},"tags_all":{"Category":"Pattern","Domain":"Serverless","Name":"serverless-land-vpc-default","Project":"Trigger MWAA DAG using S3 Events","URL":"https://serverlessland.com/"},"timeouts":{"create":"5m","update":"5m"}},"sensitive_values":{"route":[],"tags":{},"tags_all":{},"timeouts":{}}},{"address":"module.vpc.aws_default_security_group.this[0]","mode":"managed","type":"aws_default_security_group","name":"this","index":0,"provider_name":"registry.terraform.io/hashicorp/aws","schema_version":1,"values":{"revoke_rules_on_delete":false,"tags":{"Category":"Pattern","Domain":"Serverless","Name":"serverless-land-vpc-default","Project":"Trigger MWAA DAG using S3 Events","URL":"https://serverlessland.com/"},"tags_all":{"Category":"Pattern","Domain":"Serverless","Name":"serverless-land-vpc-default","Project":"Trigger MWAA DAG using S3 Events","URL":"https://serverlessland.com/"}},"sensitive_values":{"egress":[],"ingress":[],"tags":{},"tags_all":{}}},{"address":"module.vpc.aws_eip.nat[0]","mode":"managed","type":"aws_eip","name":"nat","index":0,"provider_name":"registry.terraform.io/hashicorp/aws","schema_version":0,"values":{"address":null,"associate_with_private_ip":null,"customer_owned_ipv4_pool":null,"domain":"vpc","tags":{"Category":"Pattern","Domain":"Serverless","Name":"serverless-land-vpc-us-east-1a","Project":"Trigger MWAA DAG using S3 Events","URL":"https://serverlessland.com/"},"tags_all":{"Category":"Pattern","Domain":"Serverless","Name":"serverless-land-vpc-us-east-1a","Project":"Trigger MWAA DAG using S3 Events","URL":"https://serverlessland.com/"},"timeouts":null},"sensitive_values":{"tags":{},"tags_all":{}}},{"address":"module.vpc.aws_flow_log.this[0]","mode":"managed","type":"aws_flow_log","name":"this","index":0,"provider_name":"registry.terraform.io/hashicorp/aws","schema_version":0,"values":{"deliver_cross_account_role":null,"destination_options":[],"eni_id":null,"log_destination_type":"cloud-watch-logs","max_aggregation_interval":60,"subnet_id":null,"tags":{"Category":"Pattern","Domain":"Serverless","Project":"Trigger MWAA DAG using S3 Events","URL":"https://serverlessland.com/"},"tags_all":{"Category":"Pattern","Domain":"Serverless","Project":"Trigger MWAA DAG using S3 Events","URL":"https://serverlessland.com/"},"traffic_type":"ALL","transit_gateway_attachment_id":null,"transit_gateway_id":null},"sensitive_values":{"destination_options":[],"tags":{},"tags_all":{}}},{"address":"module.vpc.aws_iam_policy.vpc_flow_log_cloudwatch[0]","mode":"managed","type":"aws_iam_policy","name":"vpc_flow_log_cloudwatch","index":0,"provider_name":"registry.terraform.io/hashicorp/aws","schema_version":0,"values":{"description":null,"name_prefix":"vpc-flow-log-to-cloudwatch-","path":"/","policy":"{\"Statement\":[{\"Action\":[\"logs:PutLogEvents\",\"logs:DescribeLogStreams\",\"logs:DescribeLogGroups\",\"logs:CreateLogStream\"],\"Effect\":\"Allow\",\"Resource\":\"*\",\"Sid\":\"AWSVPCFlowLogsPushToCloudWatch\"}],\"Version\":\"2012-10-17\"}","tags":{"Category":"Pattern","Domain":"Serverless","Project":"Trigger MWAA DAG using S3 Events","URL":"https://serverlessland.com/"},"tags_all":{"Category":"Pattern","Domain":"Serverless","Project":"Trigger MWAA DAG using S3 Events","URL":"https://serverlessland.com/"}},"sensitive_values":{"tags":{},"tags_all":{}}},{"address":"module.vpc.aws_iam_role.vpc_flow_log_cloudwatch[0]","mode":"managed","type":"aws_iam_role","name":"vpc_flow_log_cloudwatch","index":0,"provider_name":"registry.terraform.io/hashicorp/aws","schema_version":0,"values":{"assume_role_policy":"{\"Statement\":[{\"Action\":\"sts:AssumeRole\",\"Effect\":\"Allow\",\"Principal\":{\"Service\":\"vpc-flow-logs.amazonaws.com\"},\"Sid\":\"AWSVPCFlowLogsAssumeRole\"}],\"Version\":\"2012-10-17\"}","description":null,"force_detach_policies":false,"max_session_duration":3600,"name_prefix":"vpc-flow-log-role-","path":"/","permissions_boundary":null,"tags":{"Category":"Pattern","Domain":"Serverless","Project":"Trigger MWAA DAG using S3 Events","URL":"https://serverlessland.com/"},"tags_all":{"Category":"Pattern","Domain":"Serverless","Project":"Trigger MWAA DAG using S3 Events","URL":"https://serverlessland.com/"}},"sensitive_values":{"inline_policy":[],"managed_policy_arns":[],"tags":{},"tags_all":{}}},{"address":"module.vpc.aws_iam_role_policy_attachment.vpc_flow_log_cloudwatch[0]","mode":"managed","type":"aws_iam_role_policy_attachment","name":"vpc_flow_log_cloudwatch","index":0,"provider_name":"registry.terraform.io/hashicorp/aws","schema_version":0,"sensitive_values":{}},{"address":"module.vpc.aws_internet_gateway.this[0]","mode":"managed","type":"aws_internet_gateway","name":"this","index":0,"provider_name":"registry.terraform.io/hashicorp/aws","schema_version":0,"values":{"tags":{"Category":"Pattern","Domain":"Serverless","Name":"serverless-land-vpc","Project":"Trigger MWAA DAG using S3 Events","URL":"https://serverlessland.com/"},"tags_all":{"Category":"Pattern","Domain":"Serverless","Name":"serverless-land-vpc","Project":"Trigger MWAA DAG using S3 Events","URL":"https://serverlessland.com/"},"timeouts":null},"sensitive_values":{"tags":{},"tags_all":{}}},{"address":"module.vpc.aws_nat_gateway.this[0]","mode":"managed","type":"aws_nat_gateway","name":"this","index":0,"provider_name":"registry.terraform.io/hashicorp/aws","schema_version":0,"values":{"connectivity_type":"public","secondary_allocation_ids":null,"tags":{"Category":"Pattern","Domain":"Serverless","Name":"serverless-land-vpc-us-east-1a","Project":"Trigger MWAA DAG using S3 Events","URL":"https://serverlessland.com/"},"tags_all":{"Category":"Pattern","Domain":"Serverless","Name":"serverless-land-vpc-us-east-1a","Project":"Trigger MWAA DAG using S3 Events","URL":"https://serverlessland.com/"},"timeouts":null},"sensitive_values":{"secondary_private_ip_addresses":[],"tags":{},"tags_all":{}}},{"address":"module.vpc.aws_network_acl.private[0]","mode":"managed","type":"aws_network_acl","name":"private","index":0,"provider_name":"registry.terraform.io/hashicorp/aws","schema_version":0,"values":{"tags":{"Category":"Pattern","Domain":"Serverless","Name":"serverless-land-vpc-private","Project":"Trigger MWAA DAG using S3 Events","URL":"https://serverlessland.com/"},"tags_all":{"Category":"Pattern","Domain":"Serverless","Name":"serverless-land-vpc-private","Project":"Trigger MWAA DAG using S3 Events","URL":"https://serverlessland.com/"}},"sensitive_values":{"egress":[],"ingress":[],"subnet_ids":[],"tags":{},"tags_all":{}}},{"address":"module.vpc.aws_network_acl.public[0]","mode":"managed","type":"aws_network_acl","name":"public","index":0,"provider_name":"registry.terraform.io/hashicorp/aws","schema_version":0,"values":{"tags":{"Category":"Pattern","Domain":"Serverless","Name":"serverless-land-vpc-public","Project":"Trigger MWAA DAG using S3 Events","URL":"https://serverlessland.com/"},"tags_all":{"Category":"Pattern","Domain":"Serverless","Name":"serverless-land-vpc-public","Project":"Trigger MWAA DAG using S3 Events","URL":"https://serverlessland.com/"}},"sensitive_values":{"egress":[],"ingress":[],"subnet_ids":[],"tags":{},"tags_all":{}}},{"address":"module.vpc.aws_network_acl_rule.private_inbound[0]","mode":"managed","type":"aws_network_acl_rule","name":"private_inbound","index":0,"provider_name":"registry.terraform.io/hashicorp/aws","schema_version":0,"values":{"cidr_block":"0.0.0.0/0","egress":false,"from_port":0,"icmp_code":null,"icmp_type":null,"ipv6_cidr_block":null,"protocol":"-1","rule_action":"allow","rule_number":100,"to_port":0},"sensitive_values":{}},{"address":"module.vpc.aws_network_acl_rule.private_outbound[0]","mode":"managed","type":"aws_network_acl_rule","name":"private_outbound","index":0,"provider_name":"registry.terraform.io/hashicorp/aws","schema_version":0,"values":{"cidr_block":"0.0.0.0/0","egress":true,"from_port":0,"icmp_code":null,"icmp_type":null,"ipv6_cidr_block":null,"protocol":"-1","rule_action":"allow","rule_number":100,"to_port":0},"sensitive_values":{}},{"address":"module.vpc.aws_network_acl_rule.public_inbound[0]","mode":"managed","type":"aws_network_acl_rule","name":"public_inbound","index":0,"provider_name":"registry.terraform.io/hashicorp/aws","schema_version":0,"values":{"cidr_block":"0.0.0.0/0","egress":false,"from_port":0,"icmp_code":null,"icmp_type":null,"ipv6_cidr_block":null,"protocol":"-1","rule_action":"allow","rule_number":100,"to_port":0},"sensitive_values":{}},{"address":"module.vpc.aws_network_acl_rule.public_outbound[0]","mode":"managed","type":"aws_network_acl_rule","name":"public_outbound","index":0,"provider_name":"registry.terraform.io/hashicorp/aws","schema_version":0,"values":{"cidr_block":"0.0.0.0/0","egress":true,"from_port":0,"icmp_code":null,"icmp_type":null,"ipv6_cidr_block":null,"protocol":"-1","rule_action":"allow","rule_number":100,"to_port":0},"sensitive_values":{}},{"address":"module.vpc.aws_route.private_nat_gateway[0]","mode":"managed","type":"aws_route","name":"private_nat_gateway","index":0,"provider_name":"registry.terraform.io/hashicorp/aws","schema_version":0,"values":{"carrier_gateway_id":null,"core_network_arn":null,"destination_cidr_block":"0.0.0.0/0","destination_ipv6_cidr_block":null,"destination_prefix_list_id":null,"egress_only_gateway_id":null,"gateway_id":null,"local_gateway_id":null,"timeouts":{"create":"5m","delete":null,"update":null},"transit_gateway_id":null,"vpc_endpoint_id":null,"vpc_peering_connection_id":null},"sensitive_values":{"timeouts":{}}},{"address":"module.vpc.aws_route.public_internet_gateway[0]","mode":"managed","type":"aws_route","name":"public_internet_gateway","index":0,"provider_name":"registry.terraform.io/hashicorp/aws","schema_version":0,"values":{"carrier_gateway_id":null,"core_network_arn":null,"destination_cidr_block":"0.0.0.0/0","destination_ipv6_cidr_block":null,"destination_prefix_list_id":null,"egress_only_gateway_id":null,"local_gateway_id":null,"nat_gateway_id":null,"timeouts":{"create":"5m","delete":null,"update":null},"transit_gateway_id":null,"vpc_endpoint_id":null,"vpc_peering_connection_id":null},"sensitive_values":{"timeouts":{}}},{"address":"module.vpc.aws_route_table.private[0]","mode":"managed","type":"aws_route_table","name":"private","index":0,"provider_name":"registry.terraform.io/hashicorp/aws","schema_version":0,"values":{"tags":{"Category":"Pattern","Domain":"Serverless","Name":"serverless-land-vpc-private","Project":"Trigger MWAA DAG using S3 Events","URL":"https://serverlessland.com/"},"tags_all":{"Category":"Pattern","Domain":"Serverless","Name":"serverless-land-vpc-private","Project":"Trigger MWAA DAG using S3 Events","URL":"https://serverlessland.com/"},"timeouts":null},"sensitive_values":{"propagating_vgws":[],"route":[],"tags":{},"tags_all":{}}},{"address":"module.vpc.aws_route_table.public[0]","mode":"managed","type":"aws_route_table","name":"public","index":0,"provider_name":"registry.terraform.io/hashicorp/aws","schema_version":0,"values":{"tags":{"Category":"Pattern","Domain":"Serverless","Name":"serverless-land-vpc-public","Project":"Trigger MWAA DAG using S3 Events","URL":"https://serverlessland.com/"},"tags_all":{"Category":"Pattern","Domain":"Serverless","Name":"serverless-land-vpc-public","Project":"Trigger MWAA DAG using S3 Events","URL":"https://serverlessland.com/"},"timeouts":null},"sensitive_values":{"propagating_vgws":[],"route":[],"tags":{},"tags_all":{}}},{"address":"module.vpc.aws_route_table_association.private[0]","mode":"managed","type":"aws_route_table_association","name":"private","index":0,"provider_name":"registry.terraform.io/hashicorp/aws","schema_version":0,"values":{"gateway_id":null,"timeouts":null},"sensitive_values":{}},{"address":"module.vpc.aws_route_table_association.private[1]","mode":"managed","type":"aws_route_table_association","name":"private","index":1,"provider_name":"registry.terraform.io/hashicorp/aws","schema_version":0,"values":{"gateway_id":null,"timeouts":null},"sensitive_values":{}},{"address":"module.vpc.aws_route_table_association.public[0]","mode":"managed","type":"aws_route_table_association","name":"public","index":0,"provider_name":"registry.terraform.io/hashicorp/aws","schema_version":0,"values":{"gateway_id":null,"timeouts":null},"sensitive_values":{}},{"address":"module.vpc.aws_route_table_association.public[1]","mode":"managed","type":"aws_route_table_association","name":"public","index":1,"provider_name":"registry.terraform.io/hashicorp/aws","schema_version":0,"values":{"gateway_id":null,"timeouts":null},"sensitive_values":{}},{"address":"module.vpc.aws_subnet.private[0]","mode":"managed","type":"aws_subnet","name":"private","index":0,"provider_name":"registry.terraform.io/hashicorp/aws","schema_version":1,"values":{"assign_ipv6_address_on_creation":false,"availability_zone":"us-east-1a","cidr_block":"10.0.0.0/24","customer_owned_ipv4_pool":null,"enable_dns64":false,"enable_lni_at_device_index":null,"enable_resource_name_dns_a_record_on_launch":false,"enable_resource_name_dns_aaaa_record_on_launch":false,"ipv6_cidr_block":null,"ipv6_native":false,"map_customer_owned_ip_on_launch":null,"map_public_ip_on_launch":false,"outpost_arn":null,"tags":{"Category":"Pattern","Domain":"Serverless","Name":"serverless-land-vpc-private-us-east-1a","Project":"Trigger MWAA DAG using S3 Events","URL":"https://serverlessland.com/"},"tags_all":{"Category":"Pattern","Domain":"Serverless","Name":"serverless-land-vpc-private-us-east-1a","Project":"Trigger MWAA DAG using S3 Events","URL":"https://serverlessland.com/"},"timeouts":null},"sensitive_values":{"tags":{},"tags_all":{}}},{"address":"module.vpc.aws_subnet.private[1]","mode":"managed","type":"aws_subnet","name":"private","index":1,"provider_name":"registry.terraform.io/hashicorp/aws","schema_version":1,"values":{"assign_ipv6_address_on_creation":false,"availability_zone":"us-east-1b","cidr_block":"10.0.1.0/24","customer_owned_ipv4_pool":null,"enable_dns64":false,"enable_lni_at_device_index":null,"enable_resource_name_dns_a_record_on_launch":false,"enable_resource_name_dns_aaaa_record_on_launch":false,"ipv6_cidr_block":null,"ipv6_native":false,"map_customer_owned_ip_on_launch":null,"map_public_ip_on_launch":false,"outpost_arn":null,"tags":{"Category":"Pattern","Domain":"Serverless","Name":"serverless-land-vpc-private-us-east-1b","Project":"Trigger MWAA DAG using S3 Events","URL":"https://serverlessland.com/"},"tags_all":{"Category":"Pattern","Domain":"Serverless","Name":"serverless-land-vpc-private-us-east-1b","Project":"Trigger MWAA DAG using S3 Events","URL":"https://serverlessland.com/"},"timeouts":null},"sensitive_values":{"tags":{},"tags_all":{}}},{"address":"module.vpc.aws_subnet.public[0]","mode":"managed","type":"aws_subnet","name":"public","index":0,"provider_name":"registry.terraform.io/hashicorp/aws","schema_version":1,"values":{"assign_ipv6_address_on_creation":false,"availability_zone":"us-east-1a","cidr_block":"10.0.10.0/24","customer_owned_ipv4_pool":null,"enable_dns64":false,"enable_lni_at_device_index":null,"enable_resource_name_dns_a_record_on_launch":false,"enable_resource_name_dns_aaaa_record_on_launch":false,"ipv6_cidr_block":null,"ipv6_native":false,"map_customer_owned_ip_on_launch":null,"map_public_ip_on_launch":false,"outpost_arn":null,"tags":{"Category":"Pattern","Domain":"Serverless","Name":"serverless-land-vpc-public-us-east-1a","Project":"Trigger MWAA DAG using S3 Events","URL":"https://serverlessland.com/"},"tags_all":{"Category":"Pattern","Domain":"Serverless","Name":"serverless-land-vpc-public-us-east-1a","Project":"Trigger MWAA DAG using S3 Events","URL":"https://serverlessland.com/"},"timeouts":null},"sensitive_values":{"tags":{},"tags_all":{}}},{"address":"module.vpc.aws_subnet.public[1]","mode":"managed","type":"aws_subnet","name":"public","index":1,"provider_name":"registry.terraform.io/hashicorp/aws","schema_version":1,"values":{"assign_ipv6_address_on_creation":false,"availability_zone":"us-east-1b","cidr_block":"10.0.11.0/24","customer_owned_ipv4_pool":null,"enable_dns64":false,"enable_lni_at_device_index":null,"enable_resource_name_dns_a_record_on_launch":false,"enable_resource_name_dns_aaaa_record_on_launch":false,"ipv6_cidr_block":null,"ipv6_native":false,"map_customer_owned_ip_on_launch":null,"map_public_ip_on_launch":false,"outpost_arn":null,"tags":{"Category":"Pattern","Domain":"Serverless","Name":"serverless-land-vpc-public-us-east-1b","Project":"Trigger MWAA DAG using S3 Events","URL":"https://serverlessland.com/"},"tags_all":{"Category":"Pattern","Domain":"Serverless","Name":"serverless-land-vpc-public-us-east-1b","Project":"Trigger MWAA DAG using S3 Events","URL":"https://serverlessland.com/"},"timeouts":null},"sensitive_values":{"tags":{},"tags_all":{}}},{"address":"module.vpc.aws_vpc.this[0]","mode":"managed","type":"aws_vpc","name":"this","index":0,"provider_name":"registry.terraform.io/hashicorp/aws","schema_version":1,"values":{"assign_generated_ipv6_cidr_block":null,"cidr_block":"10.0.0.0/16","enable_dns_hostnames":true,"enable_dns_support":true,"instance_tenancy":"default","ipv4_ipam_pool_id":null,"ipv4_netmask_length":null,"ipv6_ipam_pool_id":null,"ipv6_netmask_length":null,"tags":{"Category":"Pattern","Domain":"Serverless","Name":"serverless-land-vpc","Project":"Trigger MWAA DAG using S3 Events","URL":"https://serverlessland.com/"},"tags_all":{"Category":"Pattern","Domain":"Serverless","Name":"serverless-land-vpc","Project":"Trigger MWAA DAG using S3 Events","URL":"https://serverlessland.com/"}},"sensitive_values":{"tags":{},"tags_all":{}}}],"address":"module.vpc"}]}},"resource_changes":[{"address":"aws_iam_policy.mwaa_policy","mode":"managed","type":"aws_iam_policy","name":"mwaa_policy","provider_name":"registry.terraform.io/hashicorp/aws","change":{"actions":["create"],"before":null,"after":{"description":"Custom policy for MWAA DAG workflows","path":"/","tags":null},"after_unknown":{"arn":true,"attachment_count":true,"id":true,"name":true,"name_prefix":true,"policy":true,"policy_id":true,"tags_all":true},"before_sensitive":false,"after_sensitive":{"tags_all":{}}}},{"address":"aws_s3_object.dags[\"hello-world-dag.py\"]","mode":"managed","type":"aws_s3_object","name":"dags","index":"hello-world-dag.py","provider_name":"registry.terraform.io/hashicorp/aws","change":{"actions":["create"],"before":null,"after":{"cache_control":null,"checksum_algorithm":null,"content":null,"content_base64":null,"content_disposition":null,"content_encoding":null,"content_language":null,"force_destroy":false,"key":"dags/hello-world-dag.py","metadata":null,"object_lock_legal_hold_status":null,"object_lock_mode":null,"object_lock_retain_until_date":null,"override_provider":[],"source":"src/dags/hello-world-dag.py","source_hash":null,"tags":null,"website_redirect":null},"after_unknown":{"acl":true,"arn":true,"bucket":true,"bucket_key_enabled":true,"checksum_crc32":true,"checksum_crc32c":true,"checksum_crc64nvme":true,"checksum_sha1":true,"checksum_sha256":true,"content_type":true,"etag":true,"id":true,"kms_key_id":true,"override_provider":[],"server_side_encryption":true,"storage_class":true,"tags_all":true,"version_id":true},"before_sensitive":false,"after_sensitive":{"override_provider":[],"tags_all":{}}}},{"address":"module.dag_trigger_lambda.data.aws_iam_policy_document.additional_inline[0]","module_address":"module.dag_trigger_lambda","mode":"data","type":"aws_iam_policy_document","name":"additional_inline","index":0,"provider_name":"registry.terraform.io/hashicorp/aws","change":{"actions":["read"],"before":null,"after":{"override_json":null,"override_policy_documents":null,"policy_id":null,"source_json":null,"source_policy_documents":null,"statement":[{"actions":["airflow:CreateCliToken"],"condition":[],"effect":"Allow","not_actions":null,"not_principals":[],"not_resources":null,"principals":[],"sid":"airflowperm"}],"version":null},"after_unknown":{"id":true,"json":true,"minified_json":true,"statement":[{"actions":[false],"condition":[],"not_principals":[],"principals":[],"resources":true}]},"before_sensitive":false,"after_sensitive":{"statement":[{"actions":[false],"condition":[],"not_principals":[],"principals":[],"resources":[]}]}},"action_reason":"read_because_config_unknown"},{"address":"module.dag_trigger_lambda.data.aws_iam_policy_document.logs[0]","module_address":"module.dag_trigger_lambda","mode":"data","type":"aws_iam_policy_document","name":"logs","index":0,"provider_name":"registry.terraform.io/hashicorp/aws","change":{"actions":["read"],"before":null,"after":{"override_json":null,"override_policy_documents":null,"policy_id":null,"source_json":null,"source_policy_documents":null,"statement":[{"actions":["logs:CreateLogGroup","logs:CreateLogStream","logs:PutLogEvents"],"condition":[],"effect":"Allow","not_actions":null,"not_principals":[],"not_resources":null,"principals":[],"resources":[null,null],"sid":null}],"version":null},"after_unknown":{"id":true,"json":true,"minified_json":true,"statement":[{"actions":[false,false,false],"condition":[],"not_principals":[],"principals":[],"resources":[true,true]}]},"before_sensitive":false,"after_sensitive":{"statement":[{"actions":[false,false,false],"condition":[],"not_principals":[],"principals":[],"resources":[false,false]}]}},"action_reason":"read_because_config_unknown"},{"address":"module.dag_trigger_lambda.aws_cloudwatch_log_group.lambda[0]","module_address":"module.dag_trigger_lambda","mode":"managed","type":"aws_cloudwatch_log_group","name":"lambda","index":0,"provider_name":"registry.terraform.io/hashicorp/aws","change":{"actions":["create"],"before":null,"after":{"kms_key_id":null,"name":"/aws/lambda/dag-trigger-lambda","retention_in_days":0,"skip_destroy":false,"tags":{"Category":"Pattern","Domain":"Serverless","Project":"Trigger MWAA DAG using S3 Events","URL":"https://serverlessland.com/"},"tags_all":{"Category":"Pattern","Domain":"Serverless","Project":"Trigger MWAA DAG using S3 Events","URL":"https://serverlessland.com/"}},"after_unknown":{"arn":true,"id":true,"log_group_class":true,"name_prefix":true,"tags":{},"tags_all":{}},"before_sensitive":false,"after_sensitive":{"tags":{},"tags_all":{}}}},{"address":"module.dag_trigger_lambda.aws_iam_policy.additional_inline[0]","module_address":"module.dag_trigger_lambda","mode":"managed","type":"aws_iam_policy","name":"additional_inline","index":0,"provider_name":"registry.terraform.io/hashicorp/aws","change":{"actions":["create"],"before":null,"after":{"description":null,"name":"dag-trigger-lambda-inline","path":"/","tags":{"Category":"Pattern","Domain":"Serverless","Project":"Trigger MWAA DAG using S3 Events","URL":"https://serverlessland.com/"},"tags_all":{"Category":"Pattern","Domain":"Serverless","Project":"Trigger MWAA DAG using S3 Events","URL":"https://serverlessland.com/"}},"after_unknown":{"arn":true,"attachment_count":true,"id":true,"name_prefix":true,"policy":true,"policy_id":true,"tags":{},"tags_all":{}},"before_sensitive":false,"after_sensitive":{"tags":{},"tags_all":{}}}},{"address":"module.dag_trigger_lambda.aws_iam_policy.logs[0]","module_address":"module.dag_trigger_lambda","mode":"managed","type":"aws_iam_policy","name":"logs","index":0,"provider_name":"registry.terraform.io/hashicorp/aws","change":{"actions":["create"],"before":null,"after":{"description":null,"name":"dag-trigger-lambda-logs","path":"/","tags":{"Category":"Pattern","Domain":"Serverless","Project":"Trigger MWAA DAG using S3 Events","URL":"https://serverlessland.com/"},"tags_all":{"Category":"Pattern","Domain":"Serverless","Project":"Trigger MWAA DAG using S3 Events","URL":"https://serverlessland.com/"}},"after_unknown":{"arn":true,"attachment_count":true,"id":true,"name_prefix":true,"policy":true,"policy_id":true,"tags":{},"tags_all":{}},"before_sensitive":false,"after_sensitive":{"tags":{},"tags_all":{}}}},{"address":"module.dag_trigger_lambda.aws_iam_role.lambda[0]","module_address":"module.dag_trigger_lambda","mode":"managed","type":"aws_iam_role","name":"lambda","index":0,"provider_name":"registry.terraform.io/hashicorp/aws","change":{"actions":["create"],"before":null,"after":{"assume_role_policy":"{\"Statement\":[{\"Action\":\"sts:AssumeRole\",\"Effect\":\"Allow\",\"Principal\":{\"Service\":\"lambda.amazonaws.com\"}}],\"Version\":\"2012-10-17\"}","description":null,"force_detach_policies":true,"max_session_duration":3600,"name":"dag-trigger-lambda","path":"/","permissions_boundary":null,"tags":{"Category":"Pattern","Domain":"Serverless","Project":"Trigger MWAA DAG using S3 Events","URL":"https://serverlessland.com/"},"tags_all":{"Category":"Pattern","Domain":"Serverless","Project":"Trigger MWAA DAG using S3 Events","URL":"https://serverlessland.com/"}},"after_unknown":{"arn":true,"create_date":true,"id":true,"inline_policy":true,"managed_policy_arns":true,"name_prefix":true,"tags":{},"tags_all":{},"unique_id":true},"before_sensitive":false,"after_sensitive":{"inline_policy":[],"managed_policy_arns":[],"tags":{},"tags_all":{}}}},{"address":"module.dag_trigger_lambda.aws_iam_role_policy_attachment.additional_inline[0]","module_address":"module.dag_trigger_lambda","mode":"managed","type":"aws_iam_role_policy_attachment","name":"additional_inline","index":0,"provider_name":"registry.terraform.io/hashicorp/aws","change":{"actions":["create"],"before":null,"after":{"role":"dag-trigger-lambda"},"after_unknown":{"id":true,"policy_arn":true},"before_sensitive":false,"after_sensitive":{}}},{"address":"module.dag_trigger_lambda.aws_iam_role_policy_attachment.logs[0]","module_address":"module.dag_trigger_lambda","mode":"managed","type":"aws_iam_role_policy_attachment","name":"logs","index":0,"provider_name":"registry.terraform.io/hashicorp/aws","change":{"actions":["create"],"before":null,"after":{"role":"dag-trigger-lambda"},"after_unknown":{"id":true,"policy_arn":true},"before_sensitive":false,"after_sensitive":{}}},{"address":"module.dag_trigger_lambda.aws_lambda_function.this[0]","module_address":"module.dag_trigger_lambda","mode":"managed","type":"aws_lambda_function","name":"this","index":0,"provider_name":"registry.terraform.io/hashicorp/aws","change":{"actions":["create"],"before":null,"after":{"code_signing_config_arn":null,"dead_letter_config":[],"description":"Lambda to trigger DAG","environment":[{"variables":{"ACCOUNT_ID":"000000000000","LOG_LEVEL":"DEBUG","MWAA_ENV_NAME":"mwaa-serverless-land"}}],"ephemeral_storage":[{"size":512}],"file_system_config":[],"filename":"builds/e9eec75a0cec7ebf92e4b02b775b3b44299ee11376c4a3b2cab9ca5a835297e4.zip","function_name":"dag-trigger-lambda","handler":"index.lambda_handler","image_config":[],"image_uri":null,"kms_key_arn":null,"layers":null,"logging_config":[{"application_log_level":null,"log_format":"Text","system_log_level":null}],"memory_size":128,"package_type":"Zip","publish":false,"replace_security_groups_on_destroy":null,"replacement_security_group_ids":null,"reserved_concurrent_executions":-1,"runtime":"python3.12","s3_bucket":null,"s3_key":null,"s3_object_version":null,"skip_destroy":false,"snap_start":[],"tags":{"Category":"Pattern","Domain":"Serverless","Project":"Trigger MWAA DAG using S3 Events","URL":"https://serverlessland.com/"},"tags_all":{"Category":"Pattern","Domain":"Serverless","Project":"Trigger MWAA DAG using S3 Events","URL":"https://serverlessland.com/"},"timeout":30,"timeouts":null,"tracing_config":[{"mode":"Active"}],"vpc_config":[]},"after_unknown":{"architectures":true,"arn":true,"code_sha256":true,"dead_letter_config":[],"environment":[{"variables":{}}],"ephemeral_storage":[{}],"file_system_config":[],"id":true,"image_config":[],"invoke_arn":true,"last_modified":true,"logging_config":[{"log_group":true}],"qualified_arn":true,"qualified_invoke_arn":true,"role":true,"signing_job_arn":true,"signing_profile_version_arn":true,"snap_start":[],"source_code_hash":true,"source_code_size":true,"tags":{},"tags_all":{},"tracing_config":[{}],"version":true,"vpc_config":[]},"before_sensitive":false,"after_sensitive":{"architectures":[],"dead_letter_config":[],"environment":[{"variables":{}}],"ephemeral_storage":[{}],"file_system_config":[],"image_config":[],"logging_config":[{}],"snap_start":[],"tags":{},"tags_all":{},"tracing_config":[{}],"vpc_config":[]}}},{"address":"module.dag_trigger_lambda.local_file.archive_plan[0]","module_address":"module.dag_trigger_lambda","mode":"managed","type":"local_file","name":"archive_plan","index":0,"provider_name":"registry.terraform.io/hashicorp/local","change":{"actions":["create"],"before":null,"after":{"content":"{\"filename\": \"builds/e9eec75a0cec7ebf92e4b02b775b3b44299ee11376c4a3b2cab9ca5a835297e4.zip\", \"runtime\": \"python3.12\", \"artifacts_dir\": \"builds\", \"build_plan\": [[\"zip\", \"./src/lambda/trigger-dag/\", null]]}","content_base64":null,"directory_permission":"0755","file_permission":"0644","filename":"builds/e9eec75a0cec7ebf92e4b02b775b3b44299ee11376c4a3b2cab9ca5a835297e4.plan.json","sensitive_content":null,"source":null},"after_unknown":{"content_base64sha256":true,"content_base64sha512":true,"content_md5":true,"content_sha1":true,"content_sha256":true,"content_sha512":true,"id":true},"before_sensitive":false,"after_sensitive":{"sensitive_content":true}}},{"address":"module.dag_trigger_lambda.null_resource.archive[0]","module_address":"module.dag_trigger_lambda","mode":"managed","type":"null_resource","name":"archive","index":0,"provider_name":"registry.terraform.io/hashicorp/null","change":{"actions":["create"],"before":null,"after":{"triggers":{"filename":"builds/e9eec75a0cec7ebf92e4b02b775b3b44299ee11376c4a3b2cab9ca5a835297e4.zip","timestamp":"1769514819887123200"}},"after_unknown":{"id":true,"triggers":{}},"before_sensitive":false,"after_sensitive":{"triggers":{}}}},{"address":"module.input_bucket.data.aws_iam_policy_document.combined[0]","module_address":"module.input_bucket","mode":"data","type":"aws_iam_policy_document","name":"combined","index":0,"provider_name":"registry.terraform.io/hashicorp/aws","change":{"actions":["read"],"before":null,"after":{"override_json":null,"override_policy_documents":null,"policy_id":null,"source_json":null,"statement":[],"version":null},"after_unknown":{"id":true,"json":true,"minified_json":true,"source_policy_documents":true,"statement":[]},"before_sensitive":false,"after_sensitive":{"source_policy_documents":[],"statement":[]}},"action_reason":"read_because_config_unknown"},{"address":"module.input_bucket.data.aws_iam_policy_document.deny_incorrect_encryption_headers[0]","module_address":"module.input_bucket","mode":"data","type":"aws_iam_policy_document","name":"deny_incorrect_encryption_headers","index":0,"provider_name":"registry.terraform.io/hashicorp/aws","change":{"actions":["read"],"before":null,"after":{"override_json":null,"override_policy_documents":null,"policy_id":null,"source_json":null,"source_policy_documents":null,"statement":[{"actions":["s3:PutObject"],"condition":[{"test":"StringNotEquals","values":["AES256"],"variable":"s3:x-amz-server-side-encryption"}],"effect":"Deny","not_actions":null,"not_principals":[],"not_resources":null,"principals":[{"identifiers":["*"],"type":"*"}],"resources":[null],"sid":"denyIncorrectEncryptionHeaders"}],"version":null},"after_unknown":{"id":true,"json":true,"minified_json":true,"statement":[{"actions":[false],"condition":[{"values":[false]}],"not_principals":[],"principals":[{"identifiers":[false]}],"resources":[true]}]},"before_sensitive":false,"after_sensitive":{"statement":[{"actions":[false],"condition":[{"values":[false]}],"not_principals":[],"principals":[{"identifiers":[false]}],"resources":[false]}]}},"action_reason":"read_because_config_unknown"},{"address":"module.input_bucket.data.aws_iam_policy_document.deny_insecure_transport[0]","module_address":"module.input_bucket","mode":"data","type":"aws_iam_policy_document","name":"deny_insecure_transport","index":0,"provider_name":"registry.terraform.io/hashicorp/aws","change":{"actions":["read"],"before":null,"after":{"override_json":null,"override_policy_documents":null,"policy_id":null,"source_json":null,"source_policy_documents":null,"statement":[{"actions":["s3:*"],"condition":[{"test":"Bool","values":["false"],"variable":"aws:SecureTransport"}],"effect":"Deny","not_actions":null,"not_principals":[],"not_resources":null,"principals":[{"identifiers":["*"],"type":"*"}],"resources":[null,null],"sid":"denyInsecureTransport"}],"version":null},"after_unknown":{"id":true,"json":true,"minified_json":true,"statement":[{"actions":[false],"condition":[{"values":[false]}],"not_principals":[],"principals":[{"identifiers":[false]}],"resources":[true,true]}]},"before_sensitive":false,"after_sensitive":{"statement":[{"actions":[false],"condition":[{"values":[false]}],"not_principals":[],"principals":[{"identifiers":[false]}],"resources":[false,false]}]}},"action_reason":"read_because_config_unknown"},{"address":"module.input_bucket.data.aws_iam_policy_document.require_latest_tls[0]","module_address":"module.input_bucket","mode":"data","type":"aws_iam_policy_document","name":"require_latest_tls","index":0,"provider_name":"registry.terraform.io/hashicorp/aws","change":{"actions":["read"],"before":null,"after":{"override_json":null,"override_policy_documents":null,"policy_id":null,"source_json":null,"source_policy_documents":null,"statement":[{"actions":["s3:*"],"condition":[{"test":"NumericLessThan","values":["1.2"],"variable":"s3:TlsVersion"}],"effect":"Deny","not_actions":null,"not_principals":[],"not_resources":null,"principals":[{"identifiers":["*"],"type":"*"}],"resources":[null,null],"sid":"denyOutdatedTLS"}],"version":null},"after_unknown":{"id":true,"json":true,"minified_json":true,"statement":[{"actions":[false],"condition":[{"values":[false]}],"not_principals":[],"principals":[{"identifiers":[false]}],"resources":[true,true]}]},"before_sensitive":false,"after_sensitive":{"statement":[{"actions":[false],"condition":[{"values":[false]}],"not_principals":[],"principals":[{"identifiers":[false]}],"resources":[false,false]}]}},"action_reason":"read_because_config_unknown"},{"address":"module.input_bucket.aws_s3_bucket.this[0]","module_address":"module.input_bucket","mode":"managed","type":"aws_s3_bucket","name":"this","index":0,"provider_name":"registry.terraform.io/hashicorp/aws","change":{"actions":["create"],"before":null,"after":{"bucket":"input-us-east-1-000000000000","force_destroy":true,"object_lock_enabled":false,"tags":{"Category":"Pattern","Domain":"Serverless","Project":"Trigger MWAA DAG using S3 Events","URL":"https://serverlessland.com/"},"tags_all":{"Category":"Pattern","Domain":"Serverless","Project":"Trigger MWAA DAG using S3 Events","URL":"https://serverlessland.com/"},"timeouts":null},"after_unknown":{"acceleration_status":true,"acl":true,"arn":true,"bucket_domain_name":true,"bucket_prefix":true,"bucket_regional_domain_name":true,"cors_rule":true,"grant":true,"hosted_zone_id":true,"id":true,"lifecycle_rule":true,"logging":true,"object_lock_configuration":true,"policy":true,"region":true,"replication_configuration":true,"request_payer":true,"server_side_encryption_configuration":true,"tags":{},"tags_all":{},"versioning":true,"website":true,"website_domain":true,"website_endpoint":true},"before_sensitive":false,"after_sensitive":{"cors_rule":[],"grant":[],"lifecycle_rule":[],"logging":[],"object_lock_configuration":[],"replication_configuration":[],"server_side_encryption_configuration":[],"tags":{},"tags_all":{},"versioning":[],"website":[]}}},{"address":"module.input_bucket.aws_s3_bucket_acl.this[0]","module_address":"module.input_bucket","mode":"managed","type":"aws_s3_bucket_acl","name":"this","index":0,"provider_name":"registry.terraform.io/hashicorp/aws","change":{"actions":["create"],"before":null,"after":{"acl":"private","expected_bucket_owner":null},"after_unknown":{"access_control_policy":true,"bucket":true,"id":true},"before_sensitive":false,"after_sensitive":{"access_control_policy":[]}}},{"address":"module.input_bucket.aws_s3_bucket_ownership_controls.this[0]","module_address":"module.input_bucket","mode":"managed","type":"aws_s3_bucket_ownership_controls","name":"this","index":0,"provider_name":"registry.terraform.io/hashicorp/aws","change":{"actions":["create"],"before":null,"after":{"rule":[{"object_ownership":"BucketOwnerPreferred"}]},"after_unknown":{"bucket":true,"id":true,"rule":[{}]},"before_sensitive":false,"after_sensitive":{"rule":[{}]}}},{"address":"module.input_bucket.aws_s3_bucket_policy.this[0]","module_address":"module.input_bucket","mode":"managed","type":"aws_s3_bucket_policy","name":"this","index":0,"provider_name":"registry.terraform.io/hashicorp/aws","change":{"actions":["create"],"before":null,"after":{},"after_unknown":{"bucket":true,"id":true,"policy":true},"before_sensitive":false,"after_sensitive":{}}},{"address":"module.input_bucket.aws_s3_bucket_public_access_block.this[0]","module_address":"module.input_bucket","mode":"managed","type":"aws_s3_bucket_public_access_block","name":"this","index":0,"provider_name":"registry.terraform.io/hashicorp/aws","change":{"actions":["create"],"before":null,"after":{"block_public_acls":true,"block_public_policy":true,"ignore_public_acls":true,"restrict_public_buckets":true},"after_unknown":{"bucket":true,"id":true},"before_sensitive":false,"after_sensitive":{}}},{"address":"module.input_bucket.aws_s3_bucket_server_side_encryption_configuration.this[0]","module_address":"module.input_bucket","mode":"managed","type":"aws_s3_bucket_server_side_encryption_configuration","name":"this","index":0,"provider_name":"registry.terraform.io/hashicorp/aws","change":{"actions":["create"],"before":null,"after":{"expected_bucket_owner":null,"rule":[{"apply_server_side_encryption_by_default":[{"kms_master_key_id":"","sse_algorithm":"AES256"}],"bucket_key_enabled":null}]},"after_unknown":{"bucket":true,"id":true,"rule":[{"apply_server_side_encryption_by_default":[{}]}]},"before_sensitive":false,"after_sensitive":{"rule":[{"apply_server_side_encryption_by_default":[{}]}]}}},{"address":"module.input_bucket.aws_s3_bucket_versioning.this[0]","module_address":"module.input_bucket","mode":"managed","type":"aws_s3_bucket_versioning","name":"this","index":0,"provider_name":"registry.terraform.io/hashicorp/aws","change":{"actions":["create"],"before":null,"after":{"expected_bucket_owner":null,"mfa":null,"versioning_configuration":[{"status":"Enabled"}]},"after_unknown":{"bucket":true,"id":true,"versioning_configuration":[{"mfa_delete":true}]},"before_sensitive":false,"after_sensitive":{"versioning_configuration":[{}]}}},{"address":"module.mwaa.data.aws_iam_policy_document.mwaa","module_address":"module.mwaa","mode":"data","type":"aws_iam_policy_document","name":"mwaa","provider_name":"registry.terraform.io/hashicorp/aws","change":{"actions":["read"],"before":null,"after":{"override_json":null,"override_policy_documents":null,"policy_id":null,"source_json":null,"source_policy_documents":null,"statement":[{"actions":["airflow:CreateWebLoginToken","airflow:PublishMetrics"],"condition":[],"effect":"Allow","not_actions":null,"not_principals":[],"not_resources":null,"principals":[],"resources":["arn:aws:airflow:us-east-1:000000000000:environment/mwaa-serverless-land"],"sid":null},{"actions":["s3:*"],"condition":[],"effect":"Allow","not_actions":null,"not_principals":[],"not_resources":null,"principals":[],"resources":[null,null],"sid":null},{"actions":["logs:CreateLogGroup","logs:CreateLogStream","logs:GetLogEvents","logs:GetLogGroupFields","logs:GetLogRecord","logs:GetQueryResults","logs:PutLogEvents"],"condition":[],"effect":"Allow","not_actions":null,"not_principals":[],"not_resources":null,"principals":[],"resources":["arn:aws:logs:us-east-1:000000000000:log-group:airflow-mwaa-serverless-land-*"],"sid":null},{"actions":["batch:DescribeJobs","batch:ListJobs","cloudwatch:PutMetricData","eks:*","logs:DescribeLogGroups"],"condition":[],"effect":"Allow","not_actions":null,"not_principals":[],"not_resources":null,"principals":[],"resources":["*"],"sid":null},{"actions":["sqs:ChangeMessageVisibility","sqs:DeleteMessage","sqs:GetQueueAttributes","sqs:GetQueueUrl","sqs:ReceiveMessage","sqs:SendMessage"],"condition":[],"effect":"Allow","not_actions":null,"not_principals":[],"not_resources":null,"principals":[],"resources":["arn:aws:sqs:us-east-1:*:airflow-celery-*"],"sid":null},{"actions":["kms:Decrypt","kms:DescribeKey","kms:Encrypt","kms:GenerateDataKey*"],"condition":[{"test":"StringLike","values":["sqs.us-east-1.amazonaws.com"],"variable":"kms:ViaService"}],"effect":"Allow","not_actions":null,"not_principals":[],"not_resources":["arn:aws:kms:*:000000000000:key/*"],"principals":[],"resources":null,"sid":null},{"actions":["batch:*"],"condition":[],"effect":"Allow","not_actions":null,"not_principals":[],"not_resources":null,"principals":[],"resources":["arn:aws:batch:*:000000000000:*"],"sid":null},{"actions":["ssm:*"],"condition":[],"effect":"Allow","not_actions":null,"not_principals":[],"not_resources":null,"principals":[],"resources":["arn:aws:ssm:us-east-1:000000000000:parameter/*"],"sid":null},{"actions":["logs:*"],"condition":[],"effect":"Allow","not_actions":null,"not_principals":[],"not_resources":null,"principals":[],"resources":["arn:aws:logs:us-east-1:000000000000:log-group:/aws/lambda/*"],"sid":null},{"actions":["cloudwatch:*"],"condition":[],"effect":"Allow","not_actions":null,"not_principals":[],"not_resources":null,"principals":[],"resources":["arn:aws:logs:us-east-1:000000000000:log-group:/aws/lambda/*"],"sid":null}],"version":null},"after_unknown":{"id":true,"json":true,"minified_json":true,"statement":[{"actions":[false,false],"condition":[],"not_principals":[],"principals":[],"resources":[false]},{"actions":[false],"condition":[],"not_principals":[],"principals":[],"resources":[true,true]},{"actions":[false,false,false,false,false,false,false],"condition":[],"not_principals":[],"principals":[],"resources":[false]},{"actions":[false,false,false,false,false],"condition":[],"not_principals":[],"principals":[],"resources":[false]},{"actions":[false,false,false,false,false,false],"condition":[],"not_principals":[],"principals":[],"resources":[false]},{"actions":[false,false,false,false],"condition":[{"values":[false]}],"not_principals":[],"not_resources":[false],"principals":[]},{"actions":[false],"condition":[],"not_principals":[],"principals":[],"resources":[false]},{"actions":[false],"condition":[],"not_principals":[],"principals":[],"resources":[false]},{"actions":[false],"condition":[],"not_principals":[],"principals":[],"resources":[false]},{"actions":[false],"condition":[],"not_principals":[],"principals":[],"resources":[false]}]},"before_sensitive":false,"after_sensitive":{"statement":[{"actions":[false,false],"condition":[],"not_principals":[],"principals":[],"resources":[false]},{"actions":[false],"condition":[],"not_principals":[],"principals":[],"resources":[false,false]},{"actions":[false,false,false,false,false,false,false],"condition":[],"not_principals":[],"principals":[],"resources":[false]},{"actions":[false,false,false,false,false],"condition":[],"not_principals":[],"principals":[],"resources":[false]},{"actions":[false,false,false,false,false,false],"condition":[],"not_principals":[],"principals":[],"resources":[false]},{"actions":[false,false,false,false],"condition":[{"values":[false]}],"not_principals":[],"not_resources":[false],"principals":[]},{"actions":[false],"condition":[],"not_principals":[],"principals":[],"resources":[false]},{"actions":[false],"condition":[],"not_principals":[],"principals":[],"resources":[false]},{"actions":[false],"condition":[],"not_principals":[],"principals":[],"resources":[false]},{"actions":[false],"condition":[],"not_principals":[],"principals":[],"resources":[false]}]}},"action_reason":"read_because_config_unknown"},{"address":"module.mwaa.aws_iam_role.mwaa[0]","module_address":"module.mwaa","mode":"managed","type":"aws_iam_role","name":"mwaa","index":0,"provider_name":"registry.terraform.io/hashicorp/aws","change":{"actions":["create"],"before":null,"after":{"assume_role_policy":"{\"Statement\":[{\"Action\":\"sts:AssumeRole\",\"Effect\":\"Allow\",\"Principal\":{\"Service\":[\"s3.amazonaws.com\",\"airflow-env.amazonaws.com\",\"ssm.amazonaws.com\",\"batch.amazonaws.com\",\"lambda.amazonaws.com\",\"airflow.amazonaws.com\"]}}],\"Version\":\"2012-10-17\"}","description":"MWAA IAM Role","force_detach_policies":false,"max_session_duration":3600,"name_prefix":"mwaa-executor","path":"/","permissions_boundary":null,"tags":{"Category":"Pattern","Domain":"Serverless","Project":"Trigger MWAA DAG using S3 Events","URL":"https://serverlessland.com/"},"tags_all":{"Category":"Pattern","Domain":"Serverless","Project":"Trigger MWAA DAG using S3 Events","URL":"https://serverlessland.com/"}},"after_unknown":{"arn":true,"create_date":true,"id":true,"inline_policy":true,"managed_policy_arns":true,"name":true,"tags":{},"tags_all":{},"unique_id":true},"before_sensitive":false,"after_sensitive":{"inline_policy":[],"managed_policy_arns":[],"tags":{},"tags_all":{}}}},{"address":"module.mwaa.aws_iam_role_policy.mwaa[0]","module_address":"module.mwaa","mode":"managed","type":"aws_iam_role_policy","name":"mwaa","index":0,"provider_name":"registry.terraform.io/hashicorp/aws","change":{"actions":["create"],"before":null,"after":{"name_prefix":"mwaa-executor"},"after_unknown":{"id":true,"name":true,"policy":true,"role":true},"before_sensitive":false,"after_sensitive":{}}},{"address":"module.mwaa.aws_iam_role_policy_attachment.mwaa[\"dag-policy\"]","module_address":"module.mwaa","mode":"managed","type":"aws_iam_role_policy_attachment","name":"mwaa","index":"dag-policy","provider_name":"registry.terraform.io/hashicorp/aws","change":{"actions":["create"],"before":null,"after":{},"after_unknown":{"id":true,"policy_arn":true,"role":true},"before_sensitive":false,"after_sensitive":{}}},{"address":"module.mwaa.aws_mwaa_environment.mwaa","module_address":"module.mwaa","mode":"managed","type":"aws_mwaa_environment","name":"mwaa","provider_name":"registry.terraform.io/hashicorp/aws","change":{"actions":["create"],"before":null,"after":{"airflow_configuration_options":{"core.load_default_connections":"false","core.load_examples":"false","logging.logging_level":"INFO","webserver.dag_default_view":"tree","webserver.dag_orientation":"TB"},"airflow_version":"2.8.1","dag_s3_path":"dags","environment_class":"mw1.small","kms_key":null,"logging_configuration":[{"dag_processing_logs":[{"enabled":true,"log_level":"INFO"}],"scheduler_logs":[{"enabled":true,"log_level":"INFO"}],"task_logs":[{"enabled":true,"log_level":"INFO"}],"webserver_logs":[{"enabled":true,"log_level":"INFO"}],"worker_logs":[{"enabled":true,"log_level":"INFO"}]}],"max_workers":2,"min_workers":1,"name":"mwaa-serverless-land","network_configuration":[{}],"plugins_s3_path":null,"requirements_s3_path":null,"startup_script_s3_path":null,"tags":{"Category":"Pattern","Domain":"Serverless","Project":"Trigger MWAA DAG using S3 Events","URL":"https://serverlessland.com/"},"tags_all":{"Category":"Pattern","Domain":"Serverless","Project":"Trigger MWAA DAG using S3 Events","URL":"https://serverlessland.com/"},"timeouts":null,"webserver_access_mode":"PUBLIC_ONLY"},"after_unknown":{"airflow_configuration_options":{},"arn":true,"created_at":true,"database_vpc_endpoint_service":true,"endpoint_management":true,"execution_role_arn":true,"id":true,"last_updated":true,"logging_configuration":[{"dag_processing_logs":[{"cloud_watch_log_group_arn":true}],"scheduler_logs":[{"cloud_watch_log_group_arn":true}],"task_logs":[{"cloud_watch_log_group_arn":true}],"webserver_logs":[{"cloud_watch_log_group_arn":true}],"worker_logs":[{"cloud_watch_log_group_arn":true}]}],"max_webservers":true,"min_webservers":true,"network_configuration":[{"security_group_ids":true,"subnet_ids":true}],"plugins_s3_object_version":true,"requirements_s3_object_version":true,"schedulers":true,"service_role_arn":true,"source_bucket_arn":true,"startup_script_s3_object_version":true,"status":true,"tags":{},"tags_all":{},"webserver_url":true,"webserver_vpc_endpoint_service":true,"weekly_maintenance_window_start":true},"before_sensitive":false,"after_sensitive":{"airflow_configuration_options":true,"last_updated":[],"logging_configuration":[{"dag_processing_logs":[{}],"scheduler_logs":[{}],"task_logs":[{}],"webserver_logs":[{}],"worker_logs":[{}]}],"network_configuration":[{"security_group_ids":[],"subnet_ids":[]}],"tags":{},"tags_all":{}}}},{"address":"module.mwaa.aws_security_group.mwaa[0]","module_address":"module.mwaa","mode":"managed","type":"aws_security_group","name":"mwaa","index":0,"provider_name":"registry.terraform.io/hashicorp/aws","change":{"actions":["create"],"before":null,"after":{"description":"Security group for MWAA environment","name_prefix":"mwaa-","revoke_rules_on_delete":false,"tags":{"Category":"Pattern","Domain":"Serverless","Project":"Trigger MWAA DAG using S3 Events","URL":"https://serverlessland.com/"},"tags_all":{"Category":"Pattern","Domain":"Serverless","Project":"Trigger MWAA DAG using S3 Events","URL":"https://serverlessland.com/"},"timeouts":null},"after_unknown":{"arn":true,"egress":true,"id":true,"ingress":true,"name":true,"owner_id":true,"tags":{},"tags_all":{},"vpc_id":true},"before_sensitive":false,"after_sensitive":{"egress":[],"ingress":[],"tags":{},"tags_all":{}}}},{"address":"module.mwaa.aws_security_group_rule.mwaa_sg_inbound[0]","module_address":"module.mwaa","mode":"managed","type":"aws_security_group_rule","name":"mwaa_sg_inbound","index":0,"provider_name":"registry.terraform.io/hashicorp/aws","change":{"actions":["create"],"before":null,"after":{"cidr_blocks":null,"description":"Amazon MWAA inbound access","from_port":0,"ipv6_cidr_blocks":null,"prefix_list_ids":null,"protocol":"-1","self":false,"timeouts":null,"to_port":0,"type":"ingress"},"after_unknown":{"id":true,"security_group_id":true,"security_group_rule_id":true,"source_security_group_id":true},"before_sensitive":false,"after_sensitive":{}}},{"address":"module.mwaa.aws_security_group_rule.mwaa_sg_inbound_vpn[0]","module_address":"module.mwaa","mode":"managed","type":"aws_security_group_rule","name":"mwaa_sg_inbound_vpn","index":0,"provider_name":"registry.terraform.io/hashicorp/aws","change":{"actions":["create"],"before":null,"after":{"cidr_blocks":["10.0.0.0/16"],"description":"VPN Access for Airflow UI","from_port":443,"ipv6_cidr_blocks":null,"prefix_list_ids":null,"protocol":"tcp","self":false,"timeouts":null,"to_port":443,"type":"ingress"},"after_unknown":{"cidr_blocks":[false],"id":true,"security_group_id":true,"security_group_rule_id":true,"source_security_group_id":true},"before_sensitive":false,"after_sensitive":{"cidr_blocks":[false]}}},{"address":"module.mwaa.aws_security_group_rule.mwaa_sg_outbound[0]","module_address":"module.mwaa","mode":"managed","type":"aws_security_group_rule","name":"mwaa_sg_outbound","index":0,"provider_name":"registry.terraform.io/hashicorp/aws","change":{"actions":["create"],"before":null,"after":{"cidr_blocks":["0.0.0.0/0"],"description":"Amazon MWAA outbound access","from_port":0,"ipv6_cidr_blocks":null,"prefix_list_ids":null,"protocol":"-1","self":false,"timeouts":null,"to_port":0,"type":"egress"},"after_unknown":{"cidr_blocks":[false],"id":true,"security_group_id":true,"security_group_rule_id":true,"source_security_group_id":true},"before_sensitive":false,"after_sensitive":{"cidr_blocks":[false]}}},{"address":"module.mwaa_bucket.aws_s3_bucket.this[0]","module_address":"module.mwaa_bucket","mode":"managed","type":"aws_s3_bucket","name":"this","index":0,"provider_name":"registry.terraform.io/hashicorp/aws","change":{"actions":["create"],"before":null,"after":{"bucket":"mwaa-src-us-east-1-000000000000","force_destroy":true,"object_lock_enabled":false,"tags":{"Category":"Pattern","Domain":"Serverless","Project":"Trigger MWAA DAG using S3 Events","URL":"https://serverlessland.com/"},"tags_all":{"Category":"Pattern","Domain":"Serverless","Project":"Trigger MWAA DAG using S3 Events","URL":"https://serverlessland.com/"},"timeouts":null},"after_unknown":{"acceleration_status":true,"acl":true,"arn":true,"bucket_domain_name":true,"bucket_prefix":true,"bucket_regional_domain_name":true,"cors_rule":true,"grant":true,"hosted_zone_id":true,"id":true,"lifecycle_rule":true,"logging":true,"object_lock_configuration":true,"policy":true,"region":true,"replication_configuration":true,"request_payer":true,"server_side_encryption_configuration":true,"tags":{},"tags_all":{},"versioning":true,"website":true,"website_domain":true,"website_endpoint":true},"before_sensitive":false,"after_sensitive":{"cors_rule":[],"grant":[],"lifecycle_rule":[],"logging":[],"object_lock_configuration":[],"replication_configuration":[],"server_side_encryption_configuration":[],"tags":{},"tags_all":{},"versioning":[],"website":[]}}},{"address":"module.mwaa_bucket.aws_s3_bucket_acl.this[0]","module_address":"module.mwaa_bucket","mode":"managed","type":"aws_s3_bucket_acl","name":"this","index":0,"provider_name":"registry.terraform.io/hashicorp/aws","change":{"actions":["create"],"before":null,"after":{"acl":"private","expected_bucket_owner":null},"after_unknown":{"access_control_policy":true,"bucket":true,"id":true},"before_sensitive":false,"after_sensitive":{"access_control_policy":[]}}},{"address":"module.mwaa_bucket.aws_s3_bucket_ownership_controls.this[0]","module_address":"module.mwaa_bucket","mode":"managed","type":"aws_s3_bucket_ownership_controls","name":"this","index":0,"provider_name":"registry.terraform.io/hashicorp/aws","change":{"actions":["create"],"before":null,"after":{"rule":[{"object_ownership":"BucketOwnerPreferred"}]},"after_unknown":{"bucket":true,"id":true,"rule":[{}]},"before_sensitive":false,"after_sensitive":{"rule":[{}]}}},{"address":"module.mwaa_bucket.aws_s3_bucket_public_access_block.this[0]","module_address":"module.mwaa_bucket","mode":"managed","type":"aws_s3_bucket_public_access_block","name":"this","index":0,"provider_name":"registry.terraform.io/hashicorp/aws","change":{"actions":["create"],"before":null,"after":{"block_public_acls":true,"block_public_policy":true,"ignore_public_acls":true,"restrict_public_buckets":true},"after_unknown":{"bucket":true,"id":true},"before_sensitive":false,"after_sensitive":{}}},{"address":"module.mwaa_bucket.aws_s3_bucket_server_side_encryption_configuration.this[0]","module_address":"module.mwaa_bucket","mode":"managed","type":"aws_s3_bucket_server_side_encryption_configuration","name":"this","index":0,"provider_name":"registry.terraform.io/hashicorp/aws","change":{"actions":["create"],"before":null,"after":{"expected_bucket_owner":null,"rule":[{"apply_server_side_encryption_by_default":[{"kms_master_key_id":"","sse_algorithm":"AES256"}],"bucket_key_enabled":null}]},"after_unknown":{"bucket":true,"id":true,"rule":[{"apply_server_side_encryption_by_default":[{}]}]},"before_sensitive":false,"after_sensitive":{"rule":[{"apply_server_side_encryption_by_default":[{}]}]}}},{"address":"module.mwaa_bucket.aws_s3_bucket_versioning.this[0]","module_address":"module.mwaa_bucket","mode":"managed","type":"aws_s3_bucket_versioning","name":"this","index":0,"provider_name":"registry.terraform.io/hashicorp/aws","change":{"actions":["create"],"before":null,"after":{"expected_bucket_owner":null,"mfa":null,"versioning_configuration":[{"status":"Enabled"}]},"after_unknown":{"bucket":true,"id":true,"versioning_configuration":[{"mfa_delete":true}]},"before_sensitive":false,"after_sensitive":{"versioning_configuration":[{}]}}},{"address":"module.s3_lambda_notif.aws_lambda_permission.allow[\"dag_trigger_lambda\"]","module_address":"module.s3_lambda_notif","mode":"managed","type":"aws_lambda_permission","name":"allow","index":"dag_trigger_lambda","provider_name":"registry.terraform.io/hashicorp/aws","change":{"actions":["create"],"before":null,"after":{"action":"lambda:InvokeFunction","event_source_token":null,"function_name":"dag-trigger-lambda","function_url_auth_type":null,"principal":"s3.amazonaws.com","principal_org_id":null,"qualifier":null,"source_account":null,"statement_id_prefix":"AllowLambdaS3BucketNotification-"},"after_unknown":{"id":true,"source_arn":true,"statement_id":true},"before_sensitive":false,"after_sensitive":{}}},{"address":"module.s3_lambda_notif.aws_s3_bucket_notification.this[0]","module_address":"module.s3_lambda_notif","mode":"managed","type":"aws_s3_bucket_notification","name":"this","index":0,"provider_name":"registry.terraform.io/hashicorp/aws","change":{"actions":["create"],"before":null,"after":{"eventbridge":true,"lambda_function":[{"events":["s3:ObjectCreated:*"],"filter_prefix":"input","filter_suffix":".json","id":"dag_trigger_lambda"}],"queue":[],"topic":[]},"after_unknown":{"bucket":true,"id":true,"lambda_function":[{"events":[false],"lambda_function_arn":true}],"queue":[],"topic":[]},"before_sensitive":false,"after_sensitive":{"lambda_function":[{"events":[false]}],"queue":[],"topic":[]}}},{"address":"module.vpc.aws_cloudwatch_log_group.flow_log[0]","module_address":"module.vpc","mode":"managed","type":"aws_cloudwatch_log_group","name":"flow_log","index":0,"provider_name":"registry.terraform.io/hashicorp/aws","change":{"actions":["create"],"before":null,"after":{"kms_key_id":null,"retention_in_days":0,"skip_destroy":false,"tags":{"Category":"Pattern","Domain":"Serverless","Project":"Trigger MWAA DAG using S3 Events","URL":"https://serverlessland.com/"},"tags_all":{"Category":"Pattern","Domain":"Serverless","Project":"Trigger MWAA DAG using S3 Events","URL":"https://serverlessland.com/"}},"after_unknown":{"arn":true,"id":true,"log_group_class":true,"name":true,"name_prefix":true,"tags":{},"tags_all":{}},"before_sensitive":false,"after_sensitive":{"tags":{},"tags_all":{}}}},{"address":"module.vpc.aws_default_network_acl.this[0]","module_address":"module.vpc","mode":"managed","type":"aws_default_network_acl","name":"this","index":0,"provider_name":"registry.terraform.io/hashicorp/aws","change":{"actions":["create"],"before":null,"after":{"egress":[{"action":"allow","cidr_block":"","from_port":0,"icmp_code":null,"icmp_type":null,"ipv6_cidr_block":"::/0","protocol":"-1","rule_no":101,"to_port":0},{"action":"allow","cidr_block":"0.0.0.0/0","from_port":0,"icmp_code":null,"icmp_type":null,"ipv6_cidr_block":"","protocol":"-1","rule_no":100,"to_port":0}],"ingress":[{"action":"allow","cidr_block":"","from_port":0,"icmp_code":null,"icmp_type":null,"ipv6_cidr_block":"::/0","protocol":"-1","rule_no":101,"to_port":0},{"action":"allow","cidr_block":"0.0.0.0/0","from_port":0,"icmp_code":null,"icmp_type":null,"ipv6_cidr_block":"","protocol":"-1","rule_no":100,"to_port":0}],"subnet_ids":null,"tags":{"Category":"Pattern","Domain":"Serverless","Name":"serverless-land-vpc-default","Project":"Trigger MWAA DAG using S3 Events","URL":"https://serverlessland.com/"},"tags_all":{"Category":"Pattern","Domain":"Serverless","Name":"serverless-land-vpc-default","Project":"Trigger MWAA DAG using S3 Events","URL":"https://serverlessland.com/"}},"after_unknown":{"arn":true,"default_network_acl_id":true,"egress":[{},{}],"id":true,"ingress":[{},{}],"owner_id":true,"tags":{},"tags_all":{},"vpc_id":true},"before_sensitive":false,"after_sensitive":{"egress":[{},{}],"ingress":[{},{}],"tags":{},"tags_all":{}}}},{"address":"module.vpc.aws_default_route_table.default[0]","module_address":"module.vpc","mode":"managed","type":"aws_default_route_table","name":"default","index":0,"provider_name":"registry.terraform.io/hashicorp/aws","change":{"actions":["create"],"before":null,"after":{"propagating_vgws":null,"tags":{"Category":"Pattern","Domain":"Serverless","Name":"serverless-land-vpc-default","Project":"Trigger MWAA DAG using S3 Events","URL":"https://serverlessland.com/"},"tags_all":{"Category":"Pattern","Domain":"Serverless","Name":"serverless-land-vpc-default","Project":"Trigger MWAA DAG using S3 Events","URL":"https://serverlessland.com/"},"timeouts":{"create":"5m","update":"5m"}},"after_unknown":{"arn":true,"default_route_table_id":true,"id":true,"owner_id":true,"route":true,"tags":{},"tags_all":{},"timeouts":{},"vpc_id":true},"before_sensitive":false,"after_sensitive":{"route":[],"tags":{},"tags_all":{},"timeouts":{}}}},{"address":"module.vpc.aws_default_security_group.this[0]","module_address":"module.vpc","mode":"managed","type":"aws_default_security_group","name":"this","index":0,"provider_name":"registry.terraform.io/hashicorp/aws","change":{"actions":["create"],"before":null,"after":{"revoke_rules_on_delete":false,"tags":{"Category":"Pattern","Domain":"Serverless","Name":"serverless-land-vpc-default","Project":"Trigger MWAA DAG using S3 Events","URL":"https://serverlessland.com/"},"tags_all":{"Category":"Pattern","Domain":"Serverless","Name":"serverless-land-vpc-default","Project":"Trigger MWAA DAG using S3 Events","URL":"https://serverlessland.com/"}},"after_unknown":{"arn":true,"description":true,"egress":true,"id":true,"ingress":true,"name":true,"name_prefix":true,"owner_id":true,"tags":{},"tags_all":{},"vpc_id":true},"before_sensitive":false,"after_sensitive":{"egress":[],"ingress":[],"tags":{},"tags_all":{}}}},{"address":"module.vpc.aws_eip.nat[0]","module_address":"module.vpc","mode":"managed","type":"aws_eip","name":"nat","index":0,"provider_name":"registry.terraform.io/hashicorp/aws","change":{"actions":["create"],"before":null,"after":{"address":null,"associate_with_private_ip":null,"customer_owned_ipv4_pool":null,"domain":"vpc","tags":{"Category":"Pattern","Domain":"Serverless","Name":"serverless-land-vpc-us-east-1a","Project":"Trigger MWAA DAG using S3 Events","URL":"https://serverlessland.com/"},"tags_all":{"Category":"Pattern","Domain":"Serverless","Name":"serverless-land-vpc-us-east-1a","Project":"Trigger MWAA DAG using S3 Events","URL":"https://serverlessland.com/"},"timeouts":null},"after_unknown":{"allocation_id":true,"arn":true,"association_id":true,"carrier_ip":true,"customer_owned_ip":true,"id":true,"instance":true,"ipam_pool_id":true,"network_border_group":true,"network_interface":true,"private_dns":true,"private_ip":true,"ptr_record":true,"public_dns":true,"public_ip":true,"public_ipv4_pool":true,"tags":{},"tags_all":{},"vpc":true},"before_sensitive":false,"after_sensitive":{"tags":{},"tags_all":{}}}},{"address":"module.vpc.aws_flow_log.this[0]","module_address":"module.vpc","mode":"managed","type":"aws_flow_log","name":"this","index":0,"provider_name":"registry.terraform.io/hashicorp/aws","change":{"actions":["create"],"before":null,"after":{"deliver_cross_account_role":null,"destination_options":[],"eni_id":null,"log_destination_type":"cloud-watch-logs","max_aggregation_interval":60,"subnet_id":null,"tags":{"Category":"Pattern","Domain":"Serverless","Project":"Trigger MWAA DAG using S3 Events","URL":"https://serverlessland.com/"},"tags_all":{"Category":"Pattern","Domain":"Serverless","Project":"Trigger MWAA DAG using S3 Events","URL":"https://serverlessland.com/"},"traffic_type":"ALL","transit_gateway_attachment_id":null,"transit_gateway_id":null},"after_unknown":{"arn":true,"destination_options":[],"iam_role_arn":true,"id":true,"log_destination":true,"log_format":true,"log_group_name":true,"tags":{},"tags_all":{},"vpc_id":true},"before_sensitive":false,"after_sensitive":{"destination_options":[],"tags":{},"tags_all":{}}}},{"address":"module.vpc.aws_iam_policy.vpc_flow_log_cloudwatch[0]","module_address":"module.vpc","mode":"managed","type":"aws_iam_policy","name":"vpc_flow_log_cloudwatch","index":0,"provider_name":"registry.terraform.io/hashicorp/aws","change":{"actions":["create"],"before":null,"after":{"description":null,"name_prefix":"vpc-flow-log-to-cloudwatch-","path":"/","policy":"{\"Statement\":[{\"Action\":[\"logs:PutLogEvents\",\"logs:DescribeLogStreams\",\"logs:DescribeLogGroups\",\"logs:CreateLogStream\"],\"Effect\":\"Allow\",\"Resource\":\"*\",\"Sid\":\"AWSVPCFlowLogsPushToCloudWatch\"}],\"Version\":\"2012-10-17\"}","tags":{"Category":"Pattern","Domain":"Serverless","Project":"Trigger MWAA DAG using S3 Events","URL":"https://serverlessland.com/"},"tags_all":{"Category":"Pattern","Domain":"Serverless","Project":"Trigger MWAA DAG using S3 Events","URL":"https://serverlessland.com/"}},"after_unknown":{"arn":true,"attachment_count":true,"id":true,"name":true,"policy_id":true,"tags":{},"tags_all":{}},"before_sensitive":false,"after_sensitive":{"tags":{},"tags_all":{}}}},{"address":"module.vpc.aws_iam_role.vpc_flow_log_cloudwatch[0]","module_address":"module.vpc","mode":"managed","type":"aws_iam_role","name":"vpc_flow_log_cloudwatch","index":0,"provider_name":"registry.terraform.io/hashicorp/aws","change":{"actions":["create"],"before":null,"after":{"assume_role_policy":"{\"Statement\":[{\"Action\":\"sts:AssumeRole\",\"Effect\":\"Allow\",\"Principal\":{\"Service\":\"vpc-flow-logs.amazonaws.com\"},\"Sid\":\"AWSVPCFlowLogsAssumeRole\"}],\"Version\":\"2012-10-17\"}","description":null,"force_detach_policies":false,"max_session_duration":3600,"name_prefix":"vpc-flow-log-role-","path":"/","permissions_boundary":null,"tags":{"Category":"Pattern","Domain":"Serverless","Project":"Trigger MWAA DAG using S3 Events","URL":"https://serverlessland.com/"},"tags_all":{"Category":"Pattern","Domain":"Serverless","Project":"Trigger MWAA DAG using S3 Events","URL":"https://serverlessland.com/"}},"after_unknown":{"arn":true,"create_date":true,"id":true,"inline_policy":true,"managed_policy_arns":true,"name":true,"tags":{},"tags_all":{},"unique_id":true},"before_sensitive":false,"after_sensitive":{"inline_policy":[],"managed_policy_arns":[],"tags":{},"tags_all":{}}}},{"address":"module.vpc.aws_iam_role_policy_attachment.vpc_flow_log_cloudwatch[0]","module_address":"module.vpc","mode":"managed","type":"aws_iam_role_policy_attachment","name":"vpc_flow_log_cloudwatch","index":0,"provider_name":"registry.terraform.io/hashicorp/aws","change":{"actions":["create"],"before":null,"after":{},"after_unknown":{"id":true,"policy_arn":true,"role":true},"before_sensitive":false,"after_sensitive":{}}},{"address":"module.vpc.aws_internet_gateway.this[0]","module_address":"module.vpc","mode":"managed","type":"aws_internet_gateway","name":"this","index":0,"provider_name":"registry.terraform.io/hashicorp/aws","change":{"actions":["create"],"before":null,"after":{"tags":{"Category":"Pattern","Domain":"Serverless","Name":"serverless-land-vpc","Project":"Trigger MWAA DAG using S3 Events","URL":"https://serverlessland.com/"},"tags_all":{"Category":"Pattern","Domain":"Serverless","Name":"serverless-land-vpc","Project":"Trigger MWAA DAG using S3 Events","URL":"https://serverlessland.com/"},"timeouts":null},"after_unknown":{"arn":true,"id":true,"owner_id":true,"tags":{},"tags_all":{},"vpc_id":true},"before_sensitive":false,"after_sensitive":{"tags":{},"tags_all":{}}}},{"address":"module.vpc.aws_nat_gateway.this[0]","module_address":"module.vpc","mode":"managed","type":"aws_nat_gateway","name":"this","index":0,"provider_name":"registry.terraform.io/hashicorp/aws","change":{"actions":["create"],"before":null,"after":{"connectivity_type":"public","secondary_allocation_ids":null,"tags":{"Category":"Pattern","Domain":"Serverless","Name":"serverless-land-vpc-us-east-1a","Project":"Trigger MWAA DAG using S3 Events","URL":"https://serverlessland.com/"},"tags_all":{"Category":"Pattern","Domain":"Serverless","Name":"serverless-land-vpc-us-east-1a","Project":"Trigger MWAA DAG using S3 Events","URL":"https://serverlessland.com/"},"timeouts":null},"after_unknown":{"allocation_id":true,"association_id":true,"id":true,"network_interface_id":true,"private_ip":true,"public_ip":true,"secondary_private_ip_address_count":true,"secondary_private_ip_addresses":true,"subnet_id":true,"tags":{},"tags_all":{}},"before_sensitive":false,"after_sensitive":{"secondary_private_ip_addresses":[],"tags":{},"tags_all":{}}}},{"address":"module.vpc.aws_network_acl.private[0]","module_address":"module.vpc","mode":"managed","type":"aws_network_acl","name":"private","index":0,"provider_name":"registry.terraform.io/hashicorp/aws","change":{"actions":["create"],"before":null,"after":{"tags":{"Category":"Pattern","Domain":"Serverless","Name":"serverless-land-vpc-private","Project":"Trigger MWAA DAG using S3 Events","URL":"https://serverlessland.com/"},"tags_all":{"Category":"Pattern","Domain":"Serverless","Name":"serverless-land-vpc-private","Project":"Trigger MWAA DAG using S3 Events","URL":"https://serverlessland.com/"}},"after_unknown":{"arn":true,"egress":true,"id":true,"ingress":true,"owner_id":true,"subnet_ids":true,"tags":{},"tags_all":{},"vpc_id":true},"before_sensitive":false,"after_sensitive":{"egress":[],"ingress":[],"subnet_ids":[],"tags":{},"tags_all":{}}}},{"address":"module.vpc.aws_network_acl.public[0]","module_address":"module.vpc","mode":"managed","type":"aws_network_acl","name":"public","index":0,"provider_name":"registry.terraform.io/hashicorp/aws","change":{"actions":["create"],"before":null,"after":{"tags":{"Category":"Pattern","Domain":"Serverless","Name":"serverless-land-vpc-public","Project":"Trigger MWAA DAG using S3 Events","URL":"https://serverlessland.com/"},"tags_all":{"Category":"Pattern","Domain":"Serverless","Name":"serverless-land-vpc-public","Project":"Trigger MWAA DAG using S3 Events","URL":"https://serverlessland.com/"}},"after_unknown":{"arn":true,"egress":true,"id":true,"ingress":true,"owner_id":true,"subnet_ids":true,"tags":{},"tags_all":{},"vpc_id":true},"before_sensitive":false,"after_sensitive":{"egress":[],"ingress":[],"subnet_ids":[],"tags":{},"tags_all":{}}}},{"address":"module.vpc.aws_network_acl_rule.private_inbound[0]","module_address":"module.vpc","mode":"managed","type":"aws_network_acl_rule","name":"private_inbound","index":0,"provider_name":"registry.terraform.io/hashicorp/aws","change":{"actions":["create"],"before":null,"after":{"cidr_block":"0.0.0.0/0","egress":false,"from_port":0,"icmp_code":null,"icmp_type":null,"ipv6_cidr_block":null,"protocol":"-1","rule_action":"allow","rule_number":100,"to_port":0},"after_unknown":{"id":true,"network_acl_id":true},"before_sensitive":false,"after_sensitive":{}}},{"address":"module.vpc.aws_network_acl_rule.private_outbound[0]","module_address":"module.vpc","mode":"managed","type":"aws_network_acl_rule","name":"private_outbound","index":0,"provider_name":"registry.terraform.io/hashicorp/aws","change":{"actions":["create"],"before":null,"after":{"cidr_block":"0.0.0.0/0","egress":true,"from_port":0,"icmp_code":null,"icmp_type":null,"ipv6_cidr_block":null,"protocol":"-1","rule_action":"allow","rule_number":100,"to_port":0},"after_unknown":{"id":true,"network_acl_id":true},"before_sensitive":false,"after_sensitive":{}}},{"address":"module.vpc.aws_network_acl_rule.public_inbound[0]","module_address":"module.vpc","mode":"managed","type":"aws_network_acl_rule","name":"public_inbound","index":0,"provider_name":"registry.terraform.io/hashicorp/aws","change":{"actions":["create"],"before":null,"after":{"cidr_block":"0.0.0.0/0","egress":false,"from_port":0,"icmp_code":null,"icmp_type":null,"ipv6_cidr_block":null,"protocol":"-1","rule_action":"allow","rule_number":100,"to_port":0},"after_unknown":{"id":true,"network_acl_id":true},"before_sensitive":false,"after_sensitive":{}}},{"address":"module.vpc.aws_network_acl_rule.public_outbound[0]","module_address":"module.vpc","mode":"managed","type":"aws_network_acl_rule","name":"public_outbound","index":0,"provider_name":"registry.terraform.io/hashicorp/aws","change":{"actions":["create"],"before":null,"after":{"cidr_block":"0.0.0.0/0","egress":true,"from_port":0,"icmp_code":null,"icmp_type":null,"ipv6_cidr_block":null,"protocol":"-1","rule_action":"allow","rule_number":100,"to_port":0},"after_unknown":{"id":true,"network_acl_id":true},"before_sensitive":false,"after_sensitive":{}}},{"address":"module.vpc.aws_route.private_nat_gateway[0]","module_address":"module.vpc","mode":"managed","type":"aws_route","name":"private_nat_gateway","index":0,"provider_name":"registry.terraform.io/hashicorp/aws","change":{"actions":["create"],"before":null,"after":{"carrier_gateway_id":null,"core_network_arn":null,"destination_cidr_block":"0.0.0.0/0","destination_ipv6_cidr_block":null,"destination_prefix_list_id":null,"egress_only_gateway_id":null,"gateway_id":null,"local_gateway_id":null,"timeouts":{"create":"5m","delete":null,"update":null},"transit_gateway_id":null,"vpc_endpoint_id":null,"vpc_peering_connection_id":null},"after_unknown":{"id":true,"instance_id":true,"instance_owner_id":true,"nat_gateway_id":true,"network_interface_id":true,"origin":true,"route_table_id":true,"state":true,"timeouts":{}},"before_sensitive":false,"after_sensitive":{"timeouts":{}}}},{"address":"module.vpc.aws_route.public_internet_gateway[0]","module_address":"module.vpc","mode":"managed","type":"aws_route","name":"public_internet_gateway","index":0,"provider_name":"registry.terraform.io/hashicorp/aws","change":{"actions":["create"],"before":null,"after":{"carrier_gateway_id":null,"core_network_arn":null,"destination_cidr_block":"0.0.0.0/0","destination_ipv6_cidr_block":null,"destination_prefix_list_id":null,"egress_only_gateway_id":null,"local_gateway_id":null,"nat_gateway_id":null,"timeouts":{"create":"5m","delete":null,"update":null},"transit_gateway_id":null,"vpc_endpoint_id":null,"vpc_peering_connection_id":null},"after_unknown":{"gateway_id":true,"id":true,"instance_id":true,"instance_owner_id":true,"network_interface_id":true,"origin":true,"route_table_id":true,"state":true,"timeouts":{}},"before_sensitive":false,"after_sensitive":{"timeouts":{}}}},{"address":"module.vpc.aws_route_table.private[0]","module_address":"module.vpc","mode":"managed","type":"aws_route_table","name":"private","index":0,"provider_name":"registry.terraform.io/hashicorp/aws","change":{"actions":["create"],"before":null,"after":{"tags":{"Category":"Pattern","Domain":"Serverless","Name":"serverless-land-vpc-private","Project":"Trigger MWAA DAG using S3 Events","URL":"https://serverlessland.com/"},"tags_all":{"Category":"Pattern","Domain":"Serverless","Name":"serverless-land-vpc-private","Project":"Trigger MWAA DAG using S3 Events","URL":"https://serverlessland.com/"},"timeouts":null},"after_unknown":{"arn":true,"id":true,"owner_id":true,"propagating_vgws":true,"route":true,"tags":{},"tags_all":{},"vpc_id":true},"before_sensitive":false,"after_sensitive":{"propagating_vgws":[],"route":[],"tags":{},"tags_all":{}}}},{"address":"module.vpc.aws_route_table.public[0]","module_address":"module.vpc","mode":"managed","type":"aws_route_table","name":"public","index":0,"provider_name":"registry.terraform.io/hashicorp/aws","change":{"actions":["create"],"before":null,"after":{"tags":{"Category":"Pattern","Domain":"Serverless","Name":"serverless-land-vpc-public","Project":"Trigger MWAA DAG using S3 Events","URL":"https://serverlessland.com/"},"tags_all":{"Category":"Pattern","Domain":"Serverless","Name":"serverless-land-vpc-public","Project":"Trigger MWAA DAG using S3 Events","URL":"https://serverlessland.com/"},"timeouts":null},"after_unknown":{"arn":true,"id":true,"owner_id":true,"propagating_vgws":true,"route":true,"tags":{},"tags_all":{},"vpc_id":true},"before_sensitive":false,"after_sensitive":{"propagating_vgws":[],"route":[],"tags":{},"tags_all":{}}}},{"address":"module.vpc.aws_route_table_association.private[0]","module_address":"module.vpc","mode":"managed","type":"aws_route_table_association","name":"private","index":0,"provider_name":"registry.terraform.io/hashicorp/aws","change":{"actions":["create"],"before":null,"after":{"gateway_id":null,"timeouts":null},"after_unknown":{"id":true,"route_table_id":true,"subnet_id":true},"before_sensitive":false,"after_sensitive":{}}},{"address":"module.vpc.aws_route_table_association.private[1]","module_address":"module.vpc","mode":"managed","type":"aws_route_table_association","name":"private","index":1,"provider_name":"registry.terraform.io/hashicorp/aws","change":{"actions":["create"],"before":null,"after":{"gateway_id":null,"timeouts":null},"after_unknown":{"id":true,"route_table_id":true,"subnet_id":true},"before_sensitive":false,"after_sensitive":{}}},{"address":"module.vpc.aws_route_table_association.public[0]","module_address":"module.vpc","mode":"managed","type":"aws_route_table_association","name":"public","index":0,"provider_name":"registry.terraform.io/hashicorp/aws","change":{"actions":["create"],"before":null,"after":{"gateway_id":null,"timeouts":null},"after_unknown":{"id":true,"route_table_id":true,"subnet_id":true},"before_sensitive":false,"after_sensitive":{}}},{"address":"module.vpc.aws_route_table_association.public[1]","module_address":"module.vpc","mode":"managed","type":"aws_route_table_association","name":"public","index":1,"provider_name":"registry.terraform.io/hashicorp/aws","change":{"actions":["create"],"before":null,"after":{"gateway_id":null,"timeouts":null},"after_unknown":{"id":true,"route_table_id":true,"subnet_id":true},"before_sensitive":false,"after_sensitive":{}}},{"address":"module.vpc.aws_subnet.private[0]","module_address":"module.vpc","mode":"managed","type":"aws_subnet","name":"private","index":0,"provider_name":"registry.terraform.io/hashicorp/aws","change":{"actions":["create"],"before":null,"after":{"assign_ipv6_address_on_creation":false,"availability_zone":"us-east-1a","cidr_block":"10.0.0.0/24","customer_owned_ipv4_pool":null,"enable_dns64":false,"enable_lni_at_device_index":null,"enable_resource_name_dns_a_record_on_launch":false,"enable_resource_name_dns_aaaa_record_on_launch":false,"ipv6_cidr_block":null,"ipv6_native":false,"map_customer_owned_ip_on_launch":null,"map_public_ip_on_launch":false,"outpost_arn":null,"tags":{"Category":"Pattern","Domain":"Serverless","Name":"serverless-land-vpc-private-us-east-1a","Project":"Trigger MWAA DAG using S3 Events","URL":"https://serverlessland.com/"},"tags_all":{"Category":"Pattern","Domain":"Serverless","Name":"serverless-land-vpc-private-us-east-1a","Project":"Trigger MWAA DAG using S3 Events","URL":"https://serverlessland.com/"},"timeouts":null},"after_unknown":{"arn":true,"availability_zone_id":true,"id":true,"ipv6_cidr_block_association_id":true,"owner_id":true,"private_dns_hostname_type_on_launch":true,"tags":{},"tags_all":{},"vpc_id":true},"before_sensitive":false,"after_sensitive":{"tags":{},"tags_all":{}}}},{"address":"module.vpc.aws_subnet.private[1]","module_address":"module.vpc","mode":"managed","type":"aws_subnet","name":"private","index":1,"provider_name":"registry.terraform.io/hashicorp/aws","change":{"actions":["create"],"before":null,"after":{"assign_ipv6_address_on_creation":false,"availability_zone":"us-east-1b","cidr_block":"10.0.1.0/24","customer_owned_ipv4_pool":null,"enable_dns64":false,"enable_lni_at_device_index":null,"enable_resource_name_dns_a_record_on_launch":false,"enable_resource_name_dns_aaaa_record_on_launch":false,"ipv6_cidr_block":null,"ipv6_native":false,"map_customer_owned_ip_on_launch":null,"map_public_ip_on_launch":false,"outpost_arn":null,"tags":{"Category":"Pattern","Domain":"Serverless","Name":"serverless-land-vpc-private-us-east-1b","Project":"Trigger MWAA DAG using S3 Events","URL":"https://serverlessland.com/"},"tags_all":{"Category":"Pattern","Domain":"Serverless","Name":"serverless-land-vpc-private-us-east-1b","Project":"Trigger MWAA DAG using S3 Events","URL":"https://serverlessland.com/"},"timeouts":null},"after_unknown":{"arn":true,"availability_zone_id":true,"id":true,"ipv6_cidr_block_association_id":true,"owner_id":true,"private_dns_hostname_type_on_launch":true,"tags":{},"tags_all":{},"vpc_id":true},"before_sensitive":false,"after_sensitive":{"tags":{},"tags_all":{}}}},{"address":"module.vpc.aws_subnet.public[0]","module_address":"module.vpc","mode":"managed","type":"aws_subnet","name":"public","index":0,"provider_name":"registry.terraform.io/hashicorp/aws","change":{"actions":["create"],"before":null,"after":{"assign_ipv6_address_on_creation":false,"availability_zone":"us-east-1a","cidr_block":"10.0.10.0/24","customer_owned_ipv4_pool":null,"enable_dns64":false,"enable_lni_at_device_index":null,"enable_resource_name_dns_a_record_on_launch":false,"enable_resource_name_dns_aaaa_record_on_launch":false,"ipv6_cidr_block":null,"ipv6_native":false,"map_customer_owned_ip_on_launch":null,"map_public_ip_on_launch":false,"outpost_arn":null,"tags":{"Category":"Pattern","Domain":"Serverless","Name":"serverless-land-vpc-public-us-east-1a","Project":"Trigger MWAA DAG using S3 Events","URL":"https://serverlessland.com/"},"tags_all":{"Category":"Pattern","Domain":"Serverless","Name":"serverless-land-vpc-public-us-east-1a","Project":"Trigger MWAA DAG using S3 Events","URL":"https://serverlessland.com/"},"timeouts":null},"after_unknown":{"arn":true,"availability_zone_id":true,"id":true,"ipv6_cidr_block_association_id":true,"owner_id":true,"private_dns_hostname_type_on_launch":true,"tags":{},"tags_all":{},"vpc_id":true},"before_sensitive":false,"after_sensitive":{"tags":{},"tags_all":{}}}},{"address":"module.vpc.aws_subnet.public[1]","module_address":"module.vpc","mode":"managed","type":"aws_subnet","name":"public","index":1,"provider_name":"registry.terraform.io/hashicorp/aws","change":{"actions":["create"],"before":null,"after":{"assign_ipv6_address_on_creation":false,"availability_zone":"us-east-1b","cidr_block":"10.0.11.0/24","customer_owned_ipv4_pool":null,"enable_dns64":false,"enable_lni_at_device_index":null,"enable_resource_name_dns_a_record_on_launch":false,"enable_resource_name_dns_aaaa_record_on_launch":false,"ipv6_cidr_block":null,"ipv6_native":false,"map_customer_owned_ip_on_launch":null,"map_public_ip_on_launch":false,"outpost_arn":null,"tags":{"Category":"Pattern","Domain":"Serverless","Name":"serverless-land-vpc-public-us-east-1b","Project":"Trigger MWAA DAG using S3 Events","URL":"https://serverlessland.com/"},"tags_all":{"Category":"Pattern","Domain":"Serverless","Name":"serverless-land-vpc-public-us-east-1b","Project":"Trigger MWAA DAG using S3 Events","URL":"https://serverlessland.com/"},"timeouts":null},"after_unknown":{"arn":true,"availability_zone_id":true,"id":true,"ipv6_cidr_block_association_id":true,"owner_id":true,"private_dns_hostname_type_on_launch":true,"tags":{},"tags_all":{},"vpc_id":true},"before_sensitive":false,"after_sensitive":{"tags":{},"tags_all":{}}}},{"address":"module.vpc.aws_vpc.this[0]","module_address":"module.vpc","mode":"managed","type":"aws_vpc","name":"this","index":0,"provider_name":"registry.terraform.io/hashicorp/aws","change":{"actions":["create"],"before":null,"after":{"assign_generated_ipv6_cidr_block":null,"cidr_block":"10.0.0.0/16","enable_dns_hostnames":true,"enable_dns_support":true,"instance_tenancy":"default","ipv4_ipam_pool_id":null,"ipv4_netmask_length":null,"ipv6_ipam_pool_id":null,"ipv6_netmask_length":null,"tags":{"Category":"Pattern","Domain":"Serverless","Name":"serverless-land-vpc","Project":"Trigger MWAA DAG using S3 Events","URL":"https://serverlessland.com/"},"tags_all":{"Category":"Pattern","Domain":"Serverless","Name":"serverless-land-vpc","Project":"Trigger MWAA DAG using S3 Events","URL":"https://serverlessland.com/"}},"after_unknown":{"arn":true,"default_network_acl_id":true,"default_route_table_id":true,"default_security_group_id":true,"dhcp_options_id":true,"enable_network_address_usage_metrics":true,"id":true,"ipv6_association_id":true,"ipv6_cidr_block":true,"ipv6_cidr_block_network_border_group":true,"main_route_table_id":true,"owner_id":true,"tags":{},"tags_all":{}},"before_sensitive":false,"after_sensitive":{"tags":{},"tags_all":{}}}}],"output_changes":{"input_bucket_id":{"actions":["create"],"before":null,"after_unknown":true,"before_sensitive":false,"after_sensitive":false},"mwaa_webserver_url":{"actions":["create"],"before":null,"after_unknown":true,"before_sensitive":false,"after_sensitive":false}},"prior_state":{"format_version":"1.0","terraform_version":"1.13.5","values":{"root_module":{"resources":[{"address":"data.aws_availability_zones.available","mode":"data","type":"aws_availability_zones","name":"available","provider_name":"registry.terraform.io/hashicorp/aws","schema_version":0,"values":{"all_availability_zones":null,"exclude_names":null,"exclude_zone_ids":null,"filter":null,"group_names":[""],"id":"us-east-1","names":["us-east-1a","us-east-1b","us-east-1c","us-east-1d","us-east-1e","us-east-1f"],"state":null,"timeouts":null,"zone_ids":["use1-az6","use1-az1","use1-az2","use1-az4","use1-az3","use1-az5"]},"sensitive_values":{"group_names":[false],"names":[false,false,false,false,false,false],"zone_ids":[false,false,false,false,false,false]}},{"address":"data.aws_caller_identity.current","mode":"data","type":"aws_caller_identity","name":"current","provider_name":"registry.terraform.io/hashicorp/aws","schema_version":0,"values":{"account_id":"000000000000","arn":"arn:aws:iam::000000000000:root","id":"000000000000","user_id":"AKIAIOSFODNN7EXAMPLE"},"sensitive_values":{}},{"address":"data.aws_partition.current","mode":"data","type":"aws_partition","name":"current","provider_name":"registry.terraform.io/hashicorp/aws","schema_version":0,"values":{"dns_suffix":"amazonaws.com","id":"aws","partition":"aws","reverse_dns_prefix":"com.amazonaws"},"sensitive_values":{}},{"address":"data.aws_region.current","mode":"data","type":"aws_region","name":"current","provider_name":"registry.terraform.io/hashicorp/aws","schema_version":0,"values":{"description":"US East (N. Virginia)","endpoint":"ec2.us-east-1.amazonaws.com","id":"us-east-1","name":"us-east-1"},"sensitive_values":{}}],"child_modules":[{"resources":[{"address":"module.dag_trigger_lambda.data.aws_caller_identity.current","mode":"data","type":"aws_caller_identity","name":"current","provider_name":"registry.terraform.io/hashicorp/aws","schema_version":0,"values":{"account_id":"000000000000","arn":"arn:aws:iam::000000000000:root","id":"000000000000","user_id":"AKIAIOSFODNN7EXAMPLE"},"sensitive_values":{}},{"address":"module.dag_trigger_lambda.data.aws_iam_policy_document.assume_role[0]","mode":"data","type":"aws_iam_policy_document","name":"assume_role","index":0,"provider_name":"registry.terraform.io/hashicorp/aws","schema_version":0,"values":{"id":"2690255455","json":"{\n  \"Version\": \"2012-10-17\",\n  \"Statement\": [\n    {\n      \"Effect\": \"Allow\",\n      \"Action\": \"sts:AssumeRole\",\n      \"Principal\": {\n        \"Service\": \"lambda.amazonaws.com\"\n      }\n    }\n  ]\n}","minified_json":"{\"Version\":\"2012-10-17\",\"Statement\":[{\"Effect\":\"Allow\",\"Action\":\"sts:AssumeRole\",\"Principal\":{\"Service\":\"lambda.amazonaws.com\"}}]}","override_json":null,"override_policy_documents":null,"policy_id":null,"source_json":null,"source_policy_documents":null,"statement":[{"actions":["sts:AssumeRole"],"condition":[],"effect":"Allow","not_actions":[],"not_principals":[],"not_resources":[],"principals":[{"identifiers":["lambda.amazonaws.com"],"type":"Service"}],"resources":[],"sid":""}],"version":"2012-10-17"},"sensitive_values":{"statement":[{"actions":[false],"condition":[],"not_actions":[],"not_principals":[],"not_resources":[],"principals":[{"identifiers":[false]}],"resources":[]}]}},{"address":"module.dag_trigger_lambda.data.aws_partition.current","mode":"data","type":"aws_partition","name":"current","provider_name":"registry.terraform.io/hashicorp/aws","schema_version":0,"values":{"dns_suffix":"amazonaws.com","id":"aws","partition":"aws","reverse_dns_prefix":"com.amazonaws"},"sensitive_values":{}},{"address":"module.dag_trigger_lambda.data.aws_region.current","mode":"data","type":"aws_region","name":"current","provider_name":"registry.terraform.io/hashicorp/aws","schema_version":0,"values":{"description":"US East (N. Virginia)","endpoint":"ec2.us-east-1.amazonaws.com","id":"us-east-1","name":"us-east-1"},"sensitive_values":{}},{"address":"module.dag_trigger_lambda.data.external.archive_prepare[0]","mode":"data","type":"external","name":"archive_prepare","index":0,"provider_name":"registry.terraform.io/hashicorp/external","schema_version":0,"values":{"id":"-","program":["python3","/ai-code-generation-from-code-to-iac/workspace/795093869/infra/.terraform/modules/dag_trigger_lambda/package.py","prepare"],"query":{"artifacts_dir":"builds","docker":null,"hash_extra":"","hash_extra_paths":"[]","paths":"{\"cwd\":\"/ai-code-generation-from-code-to-iac/workspace/795093869/infra\",\"module\":\"/ai-code-generation-from-code-to-iac/workspace/795093869/infra/.terraform/modules/dag_trigger_lambda\",\"root\":\".\"}","recreate_missing_package":"true","runtime":"python3.12","source_path":"\"./src/lambda/trigger-dag/\""},"result":{"build_plan":"{\"filename\": \"builds/e9eec75a0cec7ebf92e4b02b775b3b44299ee11376c4a3b2cab9ca5a835297e4.zip\", \"runtime\": \"python3.12\", \"artifacts_dir\": \"builds\", \"build_plan\": [[\"zip\", \"./src/lambda/trigger-dag/\", null]]}","build_plan_filename":"builds/e9eec75a0cec7ebf92e4b02b775b3b44299ee11376c4a3b2cab9ca5a835297e4.plan.json","filename":"builds/e9eec75a0cec7ebf92e4b02b775b3b44299ee11376c4a3b2cab9ca5a835297e4.zip","timestamp":"1769514819887123200","was_missing":"true"},"working_dir":null},"sensitive_values":{"program":[false,false,false],"query":{},"result":{}}}],"address":"module.dag_trigger_lambda"},{"resources":[{"address":"module.input_bucket.data.aws_caller_identity.current","mode":"data","type":"aws_caller_identity","name":"current","provider_name":"registry.terraform.io/hashicorp/aws","schema_version":0,"values":{"account_id":"000000000000","arn":"arn:aws:iam::000000000000:root","id":"000000000000","user_id":"AKIAIOSFODNN7EXAMPLE"},"sensitive_values":{}},{"address":"module.input_bucket.data.aws_canonical_user_id.this[0]","mode":"data","type":"aws_canonical_user_id","name":"this","index":0,"provider_name":"registry.terraform.io/hashicorp/aws","schema_version":0,"values":{"display_name":"webfile","id":"75aa57f09aa0c8caeab4f8c24e99d10f8e7faeebf76c078efc7c6caea54ba06a"},"sensitive_values":{}},{"address":"module.input_bucket.data.aws_partition.current","mode":"data","type":"aws_partition","name":"current","provider_name":"registry.terraform.io/hashicorp/aws","schema_version":0,"values":{"dns_suffix":"amazonaws.com","id":"aws","partition":"aws","reverse_dns_prefix":"com.amazonaws"},"sensitive_values":{}},{"address":"module.input_bucket.data.aws_region.current","mode":"data","type":"aws_region","name":"current","provider_name":"registry.terraform.io/hashicorp/aws","schema_version":0,"values":{"description":"US East (N. Virginia)","endpoint":"ec2.us-east-1.amazonaws.com","id":"us-east-1","name":"us-east-1"},"sensitive_values":{}}],"address":"module.input_bucket"},{"resources":[{"address":"module.mwaa.data.aws_caller_identity.current","mode":"data","type":"aws_caller_identity","name":"current","provider_name":"registry.terraform.io/hashicorp/aws","schema_version":0,"values":{"account_id":"000000000000","arn":"arn:aws:iam::000000000000:root","id":"000000000000","user_id":"AKIAIOSFODNN7EXAMPLE"},"sensitive_values":{}},{"address":"module.mwaa.data.aws_iam_policy_document.mwaa_assume","mode":"data","type":"aws_iam_policy_document","name":"mwaa_assume","provider_name":"registry.terraform.io/hashicorp/aws","schema_version":0,"values":{"id":"3602397390","json":"{\n  \"Version\": \"2012-10-17\",\n  \"Statement\": [\n    {\n      \"Effect\": \"Allow\",\n      \"Action\": \"sts:AssumeRole\",\n      \"Principal\": {\n        \"Service\": [\n          \"s3.amazonaws.com\",\n          \"airflow-env.amazonaws.com\",\n          \"ssm.amazonaws.com\",\n          \"batch.amazonaws.com\",\n          \"lambda.amazonaws.com\",\n          \"airflow.amazonaws.com\"\n        ]\n      }\n    }\n  ]\n}","minified_json":"{\"Version\":\"2012-10-17\",\"Statement\":[{\"Effect\":\"Allow\",\"Action\":\"sts:AssumeRole\",\"Principal\":{\"Service\":[\"s3.amazonaws.com\",\"airflow-env.amazonaws.com\",\"ssm.amazonaws.com\",\"batch.amazonaws.com\",\"lambda.amazonaws.com\",\"airflow.amazonaws.com\"]}}]}","override_json":null,"override_policy_documents":null,"policy_id":null,"source_json":null,"source_policy_documents":null,"statement":[{"actions":["sts:AssumeRole"],"condition":[],"effect":"Allow","not_actions":[],"not_principals":[],"not_resources":[],"principals":[{"identifiers":["airflow-env.amazonaws.com"],"type":"Service"},{"identifiers":["airflow.amazonaws.com"],"type":"Service"},{"identifiers":["batch.amazonaws.com"],"type":"Service"},{"identifiers":["lambda.amazonaws.com"],"type":"Service"},{"identifiers":["s3.amazonaws.com"],"type":"Service"},{"identifiers":["ssm.amazonaws.com"],"type":"Service"}],"resources":[],"sid":""}],"version":"2012-10-17"},"sensitive_values":{"statement":[{"actions":[false],"condition":[],"not_actions":[],"not_principals":[],"not_resources":[],"principals":[{"identifiers":[false]},{"identifiers":[false]},{"identifiers":[false]},{"identifiers":[false]},{"identifiers":[false]},{"identifiers":[false]}],"resources":[]}]}},{"address":"module.mwaa.data.aws_partition.current","mode":"data","type":"aws_partition","name":"current","provider_name":"registry.terraform.io/hashicorp/aws","schema_version":0,"values":{"dns_suffix":"amazonaws.com","id":"aws","partition":"aws","reverse_dns_prefix":"com.amazonaws"},"sensitive_values":{}},{"address":"module.mwaa.data.aws_region.current","mode":"data","type":"aws_region","name":"current","provider_name":"registry.terraform.io/hashicorp/aws","schema_version":0,"values":{"description":"US East (N. Virginia)","endpoint":"ec2.us-east-1.amazonaws.com","id":"us-east-1","name":"us-east-1"},"sensitive_values":{}}],"address":"module.mwaa"},{"resources":[{"address":"module.mwaa_bucket.data.aws_caller_identity.current","mode":"data","type":"aws_caller_identity","name":"current","provider_name":"registry.terraform.io/hashicorp/aws","schema_version":0,"values":{"account_id":"000000000000","arn":"arn:aws:iam::000000000000:root","id":"000000000000","user_id":"AKIAIOSFODNN7EXAMPLE"},"sensitive_values":{}},{"address":"module.mwaa_bucket.data.aws_canonical_user_id.this[0]","mode":"data","type":"aws_canonical_user_id","name":"this","index":0,"provider_name":"registry.terraform.io/hashicorp/aws","schema_version":0,"values":{"display_name":"webfile","id":"75aa57f09aa0c8caeab4f8c24e99d10f8e7faeebf76c078efc7c6caea54ba06a"},"sensitive_values":{}},{"address":"module.mwaa_bucket.data.aws_partition.current","mode":"data","type":"aws_partition","name":"current","provider_name":"registry.terraform.io/hashicorp/aws","schema_version":0,"values":{"dns_suffix":"amazonaws.com","id":"aws","partition":"aws","reverse_dns_prefix":"com.amazonaws"},"sensitive_values":{}},{"address":"module.mwaa_bucket.data.aws_region.current","mode":"data","type":"aws_region","name":"current","provider_name":"registry.terraform.io/hashicorp/aws","schema_version":0,"values":{"description":"US East (N. Virginia)","endpoint":"ec2.us-east-1.amazonaws.com","id":"us-east-1","name":"us-east-1"},"sensitive_values":{}}],"address":"module.mwaa_bucket"},{"resources":[{"address":"module.s3_lambda_notif.data.aws_partition.this","mode":"data","type":"aws_partition","name":"this","provider_name":"registry.terraform.io/hashicorp/aws","schema_version":0,"values":{"dns_suffix":"amazonaws.com","id":"aws","partition":"aws","reverse_dns_prefix":"com.amazonaws"},"sensitive_values":{}}],"address":"module.s3_lambda_notif"},{"resources":[{"address":"module.vpc.data.aws_iam_policy_document.flow_log_cloudwatch_assume_role[0]","mode":"data","type":"aws_iam_policy_document","name":"flow_log_cloudwatch_assume_role","index":0,"provider_name":"registry.terraform.io/hashicorp/aws","schema_version":0,"values":{"id":"1021377347","json":"{\n  \"Version\": \"2012-10-17\",\n  \"Statement\": [\n    {\n      \"Sid\": \"AWSVPCFlowLogsAssumeRole\",\n      \"Effect\": \"Allow\",\n      \"Action\": \"sts:AssumeRole\",\n      \"Principal\": {\n        \"Service\": \"vpc-flow-logs.amazonaws.com\"\n      }\n    }\n  ]\n}","minified_json":"{\"Version\":\"2012-10-17\",\"Statement\":[{\"Sid\":\"AWSVPCFlowLogsAssumeRole\",\"Effect\":\"Allow\",\"Action\":\"sts:AssumeRole\",\"Principal\":{\"Service\":\"vpc-flow-logs.amazonaws.com\"}}]}","override_json":null,"override_policy_documents":null,"policy_id":null,"source_json":null,"source_policy_documents":null,"statement":[{"actions":["sts:AssumeRole"],"condition":[],"effect":"Allow","not_actions":[],"not_principals":[],"not_resources":[],"principals":[{"identifiers":["vpc-flow-logs.amazonaws.com"],"type":"Service"}],"resources":[],"sid":"AWSVPCFlowLogsAssumeRole"}],"version":"2012-10-17"},"sensitive_values":{"statement":[{"actions":[false],"condition":[],"not_actions":[],"not_principals":[],"not_resources":[],"principals":[{"identifiers":[false]}],"resources":[]}]}},{"address":"module.vpc.data.aws_iam_policy_document.vpc_flow_log_cloudwatch[0]","mode":"data","type":"aws_iam_policy_document","name":"vpc_flow_log_cloudwatch","index":0,"provider_name":"registry.terraform.io/hashicorp/aws","schema_version":0,"values":{"id":"2053943846","json":"{\n  \"Version\": \"2012-10-17\",\n  \"Statement\": [\n    {\n      \"Sid\": \"AWSVPCFlowLogsPushToCloudWatch\",\n      \"Effect\": \"Allow\",\n      \"Action\": [\n        \"logs:PutLogEvents\",\n        \"logs:DescribeLogStreams\",\n        \"logs:DescribeLogGroups\",\n        \"logs:CreateLogStream\"\n      ],\n      \"Resource\": \"*\"\n    }\n  ]\n}","minified_json":"{\"Version\":\"2012-10-17\",\"Statement\":[{\"Sid\":\"AWSVPCFlowLogsPushToCloudWatch\",\"Effect\":\"Allow\",\"Action\":[\"logs:PutLogEvents\",\"logs:DescribeLogStreams\",\"logs:DescribeLogGroups\",\"logs:CreateLogStream\"],\"Resource\":\"*\"}]}","override_json":null,"override_policy_documents":null,"policy_id":null,"source_json":null,"source_policy_documents":null,"statement":[{"actions":["logs:CreateLogStream","logs:DescribeLogGroups","logs:DescribeLogStreams","logs:PutLogEvents"],"condition":[],"effect":"Allow","not_actions":[],"not_principals":[],"not_resources":[],"principals":[],"resources":["*"],"sid":"AWSVPCFlowLogsPushToCloudWatch"}],"version":"2012-10-17"},"sensitive_values":{"statement":[{"actions":[false,false,false,false],"condition":[],"not_actions":[],"not_principals":[],"not_resources":[],"principals":[],"resources":[false]}]}}],"address":"module.vpc"}]}}},"configuration":{"provider_config":{"aws":{"name":"aws","full_name":"registry.terraform.io/hashicorp/aws","version_constraint":"\u003e= 5.0.0, \u003c 6.0.0","expressions":{"access_key":{"constant_value":"mock"},"endpoints":[{"apigateway":{"constant_value":"http://localhost:4566"},"apigatewayv2":{"constant_value":"http://localhost:4566"},"cloudwatch":{"constant_value":"http://localhost:4566"},"cloudwatchevents":{"constant_value":"http://localhost:4566"},"dynamodb":{"constant_value":"http://localhost:4566"},"ec2":{"constant_value":"http://localhost:4566"},"ecr":{"constant_value":"http://localhost:4566"},"ecrpublic":{"constant_value":"http://localhost:4566"},"ecs":{"constant_value":"http://localhost:4566"},"efs":{"constant_value":"http://localhost:4566"},"iam":{"constant_value":"http://localhost:4566"},"kinesis":{"constant_value":"http://localhost:4566"},"kms":{"constant_value":"http://localhost:4566"},"lambda":{"constant_value":"http://localhost:4566"},"logs":{"constant_value":"http://localhost:4566"},"route53":{"constant_value":"http://localhost:4566"},"s3":{"constant_value":"http://localhost:4566"},"s3control":{"constant_value":"http://localhost:4566"},"secretsmanager":{"constant_value":"http://localhost:4566"},"sns":{"constant_value":"http://localhost:4566"},"sqs":{"constant_value":"http://localhost:4566"},"ssm":{"constant_value":"http://localhost:4566"},"sts":{"constant_value":"http://localhost:4566"}}],"region":{"constant_value":"us-east-1"},"s3_use_path_style":{"constant_value":true},"secret_key":{"constant_value":"mock"},"skip_credentials_validation":{"constant_value":true},"skip_metadata_api_check":{"constant_value":true},"skip_region_validation":{"constant_value":true},"skip_requesting_account_id":{"constant_value":true}}},"module.dag_trigger_lambda:external":{"name":"external","full_name":"registry.terraform.io/hashicorp/external","version_constraint":"\u003e= 1.0.0","module_address":"module.dag_trigger_lambda"},"module.dag_trigger_lambda:local":{"name":"local","full_name":"registry.terraform.io/hashicorp/local","version_constraint":"\u003e= 1.0.0","module_address":"module.dag_trigger_lambda"},"module.dag_trigger_lambda:null":{"name":"null","full_name":"registry.terraform.io/hashicorp/null","version_constraint":"\u003e= 2.0.0","module_address":"module.dag_trigger_lambda"}},"root_module":{"outputs":{"input_bucket_id":{"expression":{"references":["module.input_bucket.s3_bucket_id","module.input_bucket"]},"description":"Name of the input bucket"},"mwaa_webserver_url":{"expression":{"references":["module.mwaa.mwaa_webserver_url","module.mwaa"]},"description":"The webserver URL of the MWAA Environment"}},"resources":[{"address":"aws_iam_policy.mwaa_policy","mode":"managed","type":"aws_iam_policy","name":"mwaa_policy","provider_config_key":"aws","expressions":{"description":{"constant_value":"Custom policy for MWAA DAG workflows"},"path":{"constant_value":"/"},"policy":{"references":["module.input_bucket.s3_bucket_arn","module.input_bucket","module.input_bucket.s3_bucket_arn","module.input_bucket"]}},"schema_version":0},{"address":"aws_s3_object.dags","mode":"managed","type":"aws_s3_object","name":"dags","provider_config_key":"aws","expressions":{"bucket":{"references":["module.mwaa_bucket.s3_bucket_id","module.mwaa_bucket"]},"key":{"references":["each.value"]},"source":{"references":["each.value"]}},"schema_version":0},{"address":"data.aws_availability_zones.available","mode":"data","type":"aws_availability_zones","name":"available","provider_config_key":"aws","schema_version":0},{"address":"data.aws_caller_identity.current","mode":"data","type":"aws_caller_identity","name":"current","provider_config_key":"aws","schema_version":0},{"address":"data.aws_partition.current","mode":"data","type":"aws_partition","name":"current","provider_config_key":"aws","schema_version":0},{"address":"data.aws_region.current","mode":"data","type":"aws_region","name":"current","provider_config_key":"aws","schema_version":0}],"module_calls":{"dag_trigger_lambda":{"source":"git::https://github.com/terraform-aws-modules/terraform-aws-lambda.git?ref=dc7c19b3f93b059eede1f9d5378793fdb5cfdf70","expressions":{"attach_policy_statements":{"constant_value":true},"description":{"constant_value":"Lambda to trigger DAG"},"environment_variables":{"references":["data.aws_caller_identity.current.account_id","data.aws_caller_identity.current","local.mwaa_environment_name"]},"function_name":{"constant_value":"dag-trigger-lambda"},"handler":{"constant_value":"index.lambda_handler"},"ignore_source_code_hash":{"constant_value":false},"policy_statements":{"references":["module.mwaa.mwaa_arn","module.mwaa"]},"runtime":{"constant_value":"python3.12"},"source_path":{"constant_value":"./src/lambda/trigger-dag/"},"tags":{"references":["local.tags"]},"timeout":{"constant_value":30},"tracing_mode":{"constant_value":"Active"}},"module":{"outputs":{"lambda_cloudwatch_log_group_arn":{"expression":{"references":["local.log_group_arn"]},"description":"The ARN of the Cloudwatch Log Group"},"lambda_cloudwatch_log_group_name":{"expression":{"references":["local.log_group_name"]},"description":"The name of the Cloudwatch Log Group"},"lambda_event_source_mapping_function_arn":{"expression":{"references":["aws_lambda_event_source_mapping.this"]},"description":"The the ARN of the Lambda function the event source mapping is sending events to"},"lambda_event_source_mapping_state":{"expression":{"references":["aws_lambda_event_source_mapping.this"]},"description":"The state of the event source mapping"},"lambda_event_source_mapping_state_transition_reason":{"expression":{"references":["aws_lambda_event_source_mapping.this"]},"description":"The reason the event source mapping is in its current state"},"lambda_event_source_mapping_uuid":{"expression":{"references":["aws_lambda_event_source_mapping.this"]},"description":"The UUID of the created event source mapping"},"lambda_function_arn":{"expression":{"references":["aws_lambda_function.this[0].arn","aws_lambda_function.this[0]","aws_lambda_function.this"]},"description":"The ARN of the Lambda Function"},"lambda_function_arn_static":{"expression":{"references":["local.create","var.create_function","var.create_layer","data.aws_region.current.name","data.aws_region.current","data.aws_caller_identity.current.account_id","data.aws_caller_identity.current","var.function_name"]},"description":"The static ARN of the Lambda Function. Use this to avoid cycle errors between resources (e.g., Step Functions)"},"lambda_function_invoke_arn":{"expression":{"references":["aws_lambda_function.this[0].invoke_arn","aws_lambda_function.this[0]","aws_lambda_function.this"]},"description":"The Invoke ARN of the Lambda Function"},"lambda_function_kms_key_arn":{"expression":{"references":["aws_lambda_function.this[0].kms_key_arn","aws_lambda_function.this[0]","aws_lambda_function.this"]},"description":"The ARN for the KMS encryption key of Lambda Function"},"lambda_function_last_modified":{"expression":{"references":["aws_lambda_function.this[0].last_modified","aws_lambda_function.this[0]","aws_lambda_function.this"]},"description":"The date Lambda Function resource was last modified"},"lambda_function_name":{"expression":{"references":["aws_lambda_function.this[0].function_name","aws_lambda_function.this[0]","aws_lambda_function.this"]},"description":"The name of the Lambda Function"},"lambda_function_qualified_arn":{"expression":{"references":["aws_lambda_function.this[0].qualified_arn","aws_lambda_function.this[0]","aws_lambda_function.this"]},"description":"The ARN identifying your Lambda Function Version"},"lambda_function_qualified_invoke_arn":{"expression":{"references":["aws_lambda_function.this[0].qualified_invoke_arn","aws_lambda_function.this[0]","aws_lambda_function.this"]},"description":"The Invoke ARN identifying your Lambda Function Version"},"lambda_function_signing_job_arn":{"expression":{"references":["aws_lambda_function.this[0].signing_job_arn","aws_lambda_function.this[0]","aws_lambda_function.this"]},"description":"ARN of the signing job"},"lambda_function_signing_profile_version_arn":{"expression":{"references":["aws_lambda_function.this[0].signing_profile_version_arn","aws_lambda_function.this[0]","aws_lambda_function.this"]},"description":"ARN of the signing profile version"},"lambda_function_source_code_hash":{"expression":{"references":["aws_lambda_function.this[0].source_code_hash","aws_lambda_function.this[0]","aws_lambda_function.this"]},"description":"Base64-encoded representation of raw SHA-256 sum of the zip file"},"lambda_function_source_code_size":{"expression":{"references":["aws_lambda_function.this[0].source_code_size","aws_lambda_function.this[0]","aws_lambda_function.this"]},"description":"The size in bytes of the function .zip file"},"lambda_function_url":{"expression":{"references":["aws_lambda_function_url.this[0].function_url","aws_lambda_function_url.this[0]","aws_lambda_function_url.this"]},"description":"The URL of the Lambda Function URL"},"lambda_function_url_id":{"expression":{"references":["aws_lambda_function_url.this[0].url_id","aws_lambda_function_url.this[0]","aws_lambda_function_url.this"]},"description":"The Lambda Function URL generated id"},"lambda_function_version":{"expression":{"references":["aws_lambda_function.this[0].version","aws_lambda_function.this[0]","aws_lambda_function.this"]},"description":"Latest published version of Lambda Function"},"lambda_layer_arn":{"expression":{"references":["aws_lambda_layer_version.this[0].arn","aws_lambda_layer_version.this[0]","aws_lambda_layer_version.this"]},"description":"The ARN of the Lambda Layer with version"},"lambda_layer_created_date":{"expression":{"references":["aws_lambda_layer_version.this[0].created_date","aws_lambda_layer_version.this[0]","aws_lambda_layer_version.this"]},"description":"The date Lambda Layer resource was created"},"lambda_layer_layer_arn":{"expression":{"references":["aws_lambda_layer_version.this[0].layer_arn","aws_lambda_layer_version.this[0]","aws_lambda_layer_version.this"]},"description":"The ARN of the Lambda Layer without version"},"lambda_layer_source_code_size":{"expression":{"references":["aws_lambda_layer_version.this[0].source_code_size","aws_lambda_layer_version.this[0]","aws_lambda_layer_version.this"]},"description":"The size in bytes of the Lambda Layer .zip file"},"lambda_layer_version":{"expression":{"references":["aws_lambda_layer_version.this[0].version","aws_lambda_layer_version.this[0]","aws_lambda_layer_version.this"]},"description":"The Lambda Layer version"},"lambda_role_arn":{"expression":{"references":["aws_iam_role.lambda[0].arn","aws_iam_role.lambda[0]","aws_iam_role.lambda"]},"description":"The ARN of the IAM role created for the Lambda Function"},"lambda_role_name":{"expression":{"references":["aws_iam_role.lambda[0].name","aws_iam_role.lambda[0]","aws_iam_role.lambda"]},"description":"The name of the IAM role created for the Lambda Function"},"lambda_role_unique_id":{"expression":{"references":["aws_iam_role.lambda[0].unique_id","aws_iam_role.lambda[0]","aws_iam_role.lambda"]},"description":"The unique id of the IAM role created for the Lambda Function"},"local_filename":{"expression":{"references":["local.filename"]},"depends_on":["null_resource.archive"],"description":"The filename of zip archive deployed (if deployment was from local)"},"s3_object":{"expression":{"references":["local.s3_bucket","local.s3_key","local.s3_object_version"]},"description":"The map with S3 object data of zip archive deployed (if deployment was from S3)"}},"resources":[{"address":"aws_cloudwatch_log_group.lambda","mode":"managed","type":"aws_cloudwatch_log_group","name":"lambda","provider_config_key":"aws","expressions":{"kms_key_id":{"references":["var.cloudwatch_logs_kms_key_id"]},"name":{"references":["var.logging_log_group","var.lambda_at_edge","var.function_name"]},"retention_in_days":{"references":["var.cloudwatch_logs_retention_in_days"]},"tags":{"references":["var.tags","var.cloudwatch_logs_tags"]}},"schema_version":0,"count_expression":{"references":["local.create","var.create_function","var.create_layer","var.use_existing_cloudwatch_log_group"]}},{"address":"aws_iam_policy.additional_inline","mode":"managed","type":"aws_iam_policy","name":"additional_inline","provider_config_key":"aws","expressions":{"name":{"references":["local.policy_name"]},"path":{"references":["var.policy_path"]},"policy":{"references":["data.aws_iam_policy_document.additional_inline[0].json","data.aws_iam_policy_document.additional_inline[0]","data.aws_iam_policy_document.additional_inline"]},"tags":{"references":["var.tags"]}},"schema_version":0,"count_expression":{"references":["local.create_role","var.attach_policy_statements"]}},{"address":"aws_iam_policy.additional_json","mode":"managed","type":"aws_iam_policy","name":"additional_json","provider_config_key":"aws","expressions":{"name":{"references":["local.policy_name"]},"path":{"references":["var.policy_path"]},"policy":{"references":["var.policy_json"]},"tags":{"references":["var.tags"]}},"schema_version":0,"count_expression":{"references":["local.create_role","var.attach_policy_json"]}},{"address":"aws_iam_policy.additional_jsons","mode":"managed","type":"aws_iam_policy","name":"additional_jsons","provider_config_key":"aws","expressions":{"name":{"references":["local.policy_name","count.index"]},"path":{"references":["var.policy_path"]},"policy":{"references":["var.policy_jsons","count.index"]},"tags":{"references":["var.tags"]}},"schema_version":0,"count_expression":{"references":["local.create_role","var.attach_policy_jsons","var.number_of_policy_jsons"]}},{"address":"aws_iam_policy.async","mode":"managed","type":"aws_iam_policy","name":"async","provider_config_key":"aws","expressions":{"name":{"references":["local.policy_name"]},"path":{"references":["var.policy_path"]},"policy":{"references":["data.aws_iam_policy_document.async[0].json","data.aws_iam_policy_document.async[0]","data.aws_iam_policy_document.async"]},"tags":{"references":["var.tags"]}},"schema_version":0,"count_expression":{"references":["local.create_role","var.attach_async_event_policy"]}},{"address":"aws_iam_policy.dead_letter","mode":"managed","type":"aws_iam_policy","name":"dead_letter","provider_config_key":"aws","expressions":{"name":{"references":["local.policy_name"]},"path":{"references":["var.policy_path"]},"policy":{"references":["data.aws_iam_policy_document.dead_letter[0].json","data.aws_iam_policy_document.dead_letter[0]","data.aws_iam_policy_document.dead_letter"]},"tags":{"references":["var.tags"]}},"schema_version":0,"count_expression":{"references":["local.create_role","var.attach_dead_letter_policy"]}},{"address":"aws_iam_policy.logs","mode":"managed","type":"aws_iam_policy","name":"logs","provider_config_key":"aws","expressions":{"name":{"references":["local.policy_name"]},"path":{"references":["var.policy_path"]},"policy":{"references":["data.aws_iam_policy_document.logs[0].json","data.aws_iam_policy_document.logs[0]","data.aws_iam_policy_document.logs"]},"tags":{"references":["var.tags"]}},"schema_version":0,"count_expression":{"references":["local.create_role","var.attach_cloudwatch_logs_policy"]}},{"address":"aws_iam_policy.tracing","mode":"managed","type":"aws_iam_policy","name":"tracing","provider_config_key":"aws","expressions":{"name":{"references":["local.policy_name"]},"path":{"references":["var.policy_path"]},"policy":{"references":["data.aws_iam_policy.tracing[0].policy","data.aws_iam_policy.tracing[0]","data.aws_iam_policy.tracing"]},"tags":{"references":["var.tags"]}},"schema_version":0,"count_expression":{"references":["local.create_role","var.attach_tracing_policy"]}},{"address":"aws_iam_policy.vpc","mode":"managed","type":"aws_iam_policy","name":"vpc","provider_config_key":"aws","expressions":{"name":{"references":["local.policy_name"]},"path":{"references":["var.policy_path"]},"policy":{"references":["data.aws_iam_policy.vpc[0].policy","data.aws_iam_policy.vpc[0]","data.aws_iam_policy.vpc"]},"tags":{"references":["var.tags"]}},"schema_version":0,"count_expression":{"references":["local.create_role","var.attach_network_policy"]}},{"address":"aws_iam_role.lambda","mode":"managed","type":"aws_iam_role","name":"lambda","provider_config_key":"aws","expressions":{"assume_role_policy":{"references":["data.aws_iam_policy_document.assume_role[0].json","data.aws_iam_policy_document.assume_role[0]","data.aws_iam_policy_document.assume_role"]},"description":{"references":["var.role_description"]},"force_detach_policies":{"references":["var.role_force_detach_policies"]},"max_session_duration":{"references":["var.role_maximum_session_duration"]},"name":{"references":["local.role_name"]},"path":{"references":["var.role_path"]},"permissions_boundary":{"references":["var.role_permissions_boundary"]},"tags":{"references":["var.tags","var.role_tags"]}},"schema_version":0,"count_expression":{"references":["local.create_role"]}},{"address":"aws_iam_role_policy_attachment.additional_inline","mode":"managed","type":"aws_iam_role_policy_attachment","name":"additional_inline","provider_config_key":"aws","expressions":{"policy_arn":{"references":["aws_iam_policy.additional_inline[0].arn","aws_iam_policy.additional_inline[0]","aws_iam_policy.additional_inline"]},"role":{"references":["aws_iam_role.lambda[0].name","aws_iam_role.lambda[0]","aws_iam_role.lambda"]}},"schema_version":0,"count_expression":{"references":["local.create_role","var.attach_policy_statements"]}},{"address":"aws_iam_role_policy_attachment.additional_json","mode":"managed","type":"aws_iam_role_policy_attachment","name":"additional_json","provider_config_key":"aws","expressions":{"policy_arn":{"references":["aws_iam_policy.additional_json[0].arn","aws_iam_policy.additional_json[0]","aws_iam_policy.additional_json"]},"role":{"references":["aws_iam_role.lambda[0].name","aws_iam_role.lambda[0]","aws_iam_role.lambda"]}},"schema_version":0,"count_expression":{"references":["local.create_role","var.attach_policy_json"]}},{"address":"aws_iam_role_policy_attachment.additional_jsons","mode":"managed","type":"aws_iam_role_policy_attachment","name":"additional_jsons","provider_config_key":"aws","expressions":{"policy_arn":{"references":["aws_iam_policy.additional_jsons","count.index"]},"role":{"references":["aws_iam_role.lambda[0].name","aws_iam_role.lambda[0]","aws_iam_role.lambda"]}},"schema_version":0,"count_expression":{"references":["local.create_role","var.attach_policy_jsons","var.number_of_policy_jsons"]}},{"address":"aws_iam_role_policy_attachment.additional_many","mode":"managed","type":"aws_iam_role_policy_attachment","name":"additional_many","provider_config_key":"aws","expressions":{"policy_arn":{"references":["var.policies","count.index"]},"role":{"references":["aws_iam_role.lambda[0].name","aws_iam_role.lambda[0]","aws_iam_role.lambda"]}},"schema_version":0,"count_expression":{"references":["local.create_role","var.attach_policies","var.number_of_policies"]}},{"address":"aws_iam_role_policy_attachment.additional_one","mode":"managed","type":"aws_iam_role_policy_attachment","name":"additional_one","provider_config_key":"aws","expressions":{"policy_arn":{"references":["var.policy"]},"role":{"references":["aws_iam_role.lambda[0].name","aws_iam_role.lambda[0]","aws_iam_role.lambda"]}},"schema_version":0,"count_expression":{"references":["local.create_role","var.attach_policy"]}},{"address":"aws_iam_role_policy_attachment.async","mode":"managed","type":"aws_iam_role_policy_attachment","name":"async","provider_config_key":"aws","expressions":{"policy_arn":{"references":["aws_iam_policy.async[0].arn","aws_iam_policy.async[0]","aws_iam_policy.async"]},"role":{"references":["aws_iam_role.lambda[0].name","aws_iam_role.lambda[0]","aws_iam_role.lambda"]}},"schema_version":0,"count_expression":{"references":["local.create_role","var.attach_async_event_policy"]}},{"address":"aws_iam_role_policy_attachment.dead_letter","mode":"managed","type":"aws_iam_role_policy_attachment","name":"dead_letter","provider_config_key":"aws","expressions":{"policy_arn":{"references":["aws_iam_policy.dead_letter[0].arn","aws_iam_policy.dead_letter[0]","aws_iam_policy.dead_letter"]},"role":{"references":["aws_iam_role.lambda[0].name","aws_iam_role.lambda[0]","aws_iam_role.lambda"]}},"schema_version":0,"count_expression":{"references":["local.create_role","var.attach_dead_letter_policy"]}},{"address":"aws_iam_role_policy_attachment.logs","mode":"managed","type":"aws_iam_role_policy_attachment","name":"logs","provider_config_key":"aws","expressions":{"policy_arn":{"references":["aws_iam_policy.logs[0].arn","aws_iam_policy.logs[0]","aws_iam_policy.logs"]},"role":{"references":["aws_iam_role.lambda[0].name","aws_iam_role.lambda[0]","aws_iam_role.lambda"]}},"schema_version":0,"count_expression":{"references":["local.create_role","var.attach_cloudwatch_logs_policy"]}},{"address":"aws_iam_role_policy_attachment.tracing","mode":"managed","type":"aws_iam_role_policy_attachment","name":"tracing","provider_config_key":"aws","expressions":{"policy_arn":{"references":["aws_iam_policy.tracing[0].arn","aws_iam_policy.tracing[0]","aws_iam_policy.tracing"]},"role":{"references":["aws_iam_role.lambda[0].name","aws_iam_role.lambda[0]","aws_iam_role.lambda"]}},"schema_version":0,"count_expression":{"references":["local.create_role","var.attach_tracing_policy"]}},{"address":"aws_iam_role_policy_attachment.vpc","mode":"managed","type":"aws_iam_role_policy_attachment","name":"vpc","provider_config_key":"aws","expressions":{"policy_arn":{"references":["aws_iam_policy.vpc[0].arn","aws_iam_policy.vpc[0]","aws_iam_policy.vpc"]},"role":{"references":["aws_iam_role.lambda[0].name","aws_iam_role.lambda[0]","aws_iam_role.lambda"]}},"schema_version":0,"count_expression":{"references":["local.create_role","var.attach_network_policy"]}},{"address":"aws_lambda_event_source_mapping.this","mode":"managed","type":"aws_lambda_event_source_mapping","name":"this","provider_config_key":"aws","expressions":{"batch_size":{"references":["each.value.batch_size","each.value"]},"bisect_batch_on_function_error":{"references":["each.value.bisect_batch_on_function_error","each.value"]},"enabled":{"references":["each.value.enabled","each.value"]},"event_source_arn":{"references":["each.value.event_source_arn","each.value"]},"function_name":{"references":["aws_lambda_function.this[0].arn","aws_lambda_function.this[0]","aws_lambda_function.this"]},"function_response_types":{"references":["each.value.function_response_types","each.value"]},"maximum_batching_window_in_seconds":{"references":["each.value.maximum_batching_window_in_seconds","each.value"]},"maximum_record_age_in_seconds":{"references":["each.value.maximum_record_age_in_seconds","each.value"]},"maximum_retry_attempts":{"references":["each.value.maximum_retry_attempts","each.value"]},"parallelization_factor":{"references":["each.value.parallelization_factor","each.value"]},"queues":{"references":["each.value.queues","each.value"]},"starting_position":{"references":["each.value.starting_position","each.value"]},"starting_position_timestamp":{"references":["each.value.starting_position_timestamp","each.value"]},"topics":{"references":["each.value.topics","each.value"]}},"schema_version":0,"for_each_expression":{"references":["var.event_source_mapping","local.create","var.create_function","var.create_layer","var.create_unqualified_alias_allowed_triggers"]}},{"address":"aws_lambda_function.this","mode":"managed","type":"aws_lambda_function","name":"this","provider_config_key":"aws","expressions":{"architectures":{"references":["var.architectures"]},"code_signing_config_arn":{"references":["var.code_signing_config_arn"]},"description":{"references":["var.description"]},"filename":{"references":["local.filename"]},"function_name":{"references":["var.function_name"]},"handler":{"references":["var.package_type","var.handler"]},"image_uri":{"references":["var.image_uri"]},"kms_key_arn":{"references":["var.kms_key_arn"]},"layers":{"references":["var.layers"]},"memory_size":{"references":["var.memory_size"]},"package_type":{"references":["var.package_type"]},"publish":{"references":["var.lambda_at_edge","var.snap_start","var.publish"]},"replace_security_groups_on_destroy":{"references":["var.replace_security_groups_on_destroy"]},"replacement_security_group_ids":{"references":["var.replacement_security_group_ids"]},"reserved_concurrent_executions":{"references":["var.reserved_concurrent_executions"]},"role":{"references":["var.create_role","aws_iam_role.lambda[0].arn","aws_iam_role.lambda[0]","aws_iam_role.lambda","var.lambda_role"]},"runtime":{"references":["var.package_type","var.runtime"]},"s3_bucket":{"references":["local.s3_bucket"]},"s3_key":{"references":["local.s3_key"]},"s3_object_version":{"references":["local.s3_object_version"]},"source_code_hash":{"references":["var.ignore_source_code_hash","local.filename","local.filename","local.was_missing","local.filename"]},"tags":{"references":["var.tags","var.function_tags"]},"timeout":{"references":["var.lambda_at_edge","var.timeout","var.timeout"]}},"schema_version":0,"count_expression":{"references":["local.create","var.create_function","var.create_layer"]},"depends_on":["null_resource.archive","aws_s3_object.lambda_package","aws_cloudwatch_log_group.lambda","aws_iam_role_policy_attachment.additional_inline","aws_iam_role_policy_attachment.additional_json","aws_iam_role_policy_attachment.additional_jsons","aws_iam_role_policy_attachment.additional_many","aws_iam_role_policy_attachment.additional_one","aws_iam_role_policy_attachment.async","aws_iam_role_policy_attachment.logs","aws_iam_role_policy_attachment.dead_letter","aws_iam_role_policy_attachment.vpc","aws_iam_role_policy_attachment.tracing"]},{"address":"aws_lambda_function_event_invoke_config.this","mode":"managed","type":"aws_lambda_function_event_invoke_config","name":"this","provider_config_key":"aws","expressions":{"function_name":{"references":["aws_lambda_function.this[0].function_name","aws_lambda_function.this[0]","aws_lambda_function.this"]},"maximum_event_age_in_seconds":{"references":["var.maximum_event_age_in_seconds"]},"maximum_retry_attempts":{"references":["var.maximum_retry_attempts"]},"qualifier":{"references":["each.key","aws_lambda_function.this[0].version","aws_lambda_function.this[0]","aws_lambda_function.this"]}},"schema_version":0,"for_each_expression":{"references":["local.qualifiers","local.create","var.create_function","var.create_layer","var.create_async_event_config"]}},{"address":"aws_lambda_function_url.this","mode":"managed","type":"aws_lambda_function_url","name":"this","provider_config_key":"aws","expressions":{"authorization_type":{"references":["var.authorization_type"]},"function_name":{"references":["aws_lambda_function.this[0].function_name","aws_lambda_function.this[0]","aws_lambda_function.this"]},"invoke_mode":{"references":["var.invoke_mode"]},"qualifier":{"references":["var.create_unqualified_alias_lambda_function_url","aws_lambda_function.this[0].version","aws_lambda_function.this[0]","aws_lambda_function.this"]}},"schema_version":0,"count_expression":{"references":["local.create","var.create_function","var.create_layer","var.create_lambda_function_url"]}},{"address":"aws_lambda_layer_version.this","mode":"managed","type":"aws_lambda_layer_version","name":"this","provider_config_key":"aws","expressions":{"compatible_architectures":{"references":["var.compatible_architectures"]},"compatible_runtimes":{"references":["var.compatible_runtimes","var.compatible_runtimes","var.runtime","var.runtime"]},"description":{"references":["var.description"]},"filename":{"references":["local.filename"]},"layer_name":{"references":["var.layer_name"]},"license_info":{"references":["var.license_info"]},"s3_bucket":{"references":["local.s3_bucket"]},"s3_key":{"references":["local.s3_key"]},"s3_object_version":{"references":["local.s3_object_version"]},"skip_destroy":{"references":["var.layer_skip_destroy"]},"source_code_hash":{"references":["var.ignore_source_code_hash","local.filename","local.filename","local.was_missing","local.filename"]}},"schema_version":0,"count_expression":{"references":["local.create","var.create_layer"]},"depends_on":["null_resource.archive","aws_s3_object.lambda_package"]},{"address":"aws_lambda_permission.current_version_triggers","mode":"managed","type":"aws_lambda_permission","name":"current_version_triggers","provider_config_key":"aws","expressions":{"action":{"references":["each.value.action","each.value"]},"event_source_token":{"references":["each.value.event_source_token","each.value"]},"function_name":{"references":["aws_lambda_function.this[0].function_name","aws_lambda_function.this[0]","aws_lambda_function.this"]},"principal":{"references":["each.value.principal","each.value","each.value.service","each.value"]},"principal_org_id":{"references":["each.value.principal_org_id","each.value"]},"qualifier":{"references":["aws_lambda_function.this[0].version","aws_lambda_function.this[0]","aws_lambda_function.this"]},"source_account":{"references":["each.value.source_account","each.value"]},"source_arn":{"references":["each.value.source_arn","each.value"]},"statement_id":{"references":["each.value.statement_id","each.value","each.key"]}},"schema_version":0,"for_each_expression":{"references":["var.allowed_triggers","local.create","var.create_function","var.create_layer","var.create_current_version_allowed_triggers"]}},{"address":"aws_lambda_permission.unqualified_alias_triggers","mode":"managed","type":"aws_lambda_permission","name":"unqualified_alias_triggers","provider_config_key":"aws","expressions":{"action":{"references":["each.value.action","each.value"]},"event_source_token":{"references":["each.value.event_source_token","each.value"]},"function_name":{"references":["aws_lambda_function.this[0].function_name","aws_lambda_function.this[0]","aws_lambda_function.this"]},"principal":{"references":["each.value.principal","each.value","each.value.service","each.value"]},"principal_org_id":{"references":["each.value.principal_org_id","each.value"]},"source_account":{"references":["each.value.source_account","each.value"]},"source_arn":{"references":["each.value.source_arn","each.value"]},"statement_id":{"references":["each.value.statement_id","each.value","each.key"]}},"schema_version":0,"for_each_expression":{"references":["var.allowed_triggers","local.create","var.create_function","var.create_layer","var.create_unqualified_alias_allowed_triggers"]}},{"address":"aws_lambda_provisioned_concurrency_config.current_version","mode":"managed","type":"aws_lambda_provisioned_concurrency_config","name":"current_version","provider_config_key":"aws","expressions":{"function_name":{"references":["aws_lambda_function.this[0].function_name","aws_lambda_function.this[0]","aws_lambda_function.this"]},"provisioned_concurrent_executions":{"references":["var.provisioned_concurrent_executions"]},"qualifier":{"references":["aws_lambda_function.this[0].version","aws_lambda_function.this[0]","aws_lambda_function.this"]}},"schema_version":1,"count_expression":{"references":["local.create","var.create_function","var.create_layer","var.provisioned_concurrent_executions"]}},{"address":"aws_s3_object.lambda_package","mode":"managed","type":"aws_s3_object","name":"lambda_package","provider_config_key":"aws","expressions":{"acl":{"references":["var.s3_acl"]},"bucket":{"references":["var.s3_bucket"]},"key":{"references":["local.s3_key"]},"kms_key_id":{"references":["var.s3_kms_key_id"]},"server_side_encryption":{"references":["var.s3_server_side_encryption"]},"source":{"references":["data.external.archive_prepare[0].result.filename","data.external.archive_prepare[0].result","data.external.archive_prepare[0]","data.external.archive_prepare"]},"storage_class":{"references":["var.s3_object_storage_class"]},"tags":{"references":["var.s3_object_tags_only","var.s3_object_tags","var.tags","var.s3_object_tags"]}},"schema_version":0,"count_expression":{"references":["local.create","var.store_on_s3","var.create_package"]},"depends_on":["null_resource.archive"]},{"address":"local_file.archive_plan","mode":"managed","type":"local_file","name":"archive_plan","provider_config_key":"module.dag_trigger_lambda:local","expressions":{"content":{"references":["data.external.archive_prepare[0].result.build_plan","data.external.archive_prepare[0].result","data.external.archive_prepare[0]","data.external.archive_prepare"]},"directory_permission":{"constant_value":"0755"},"file_permission":{"constant_value":"0644"},"filename":{"references":["data.external.archive_prepare[0].result.build_plan_filename","data.external.archive_prepare[0].result","data.external.archive_prepare[0]","data.external.archive_prepare"]}},"schema_version":0,"count_expression":{"references":["var.create","var.create_package"]}},{"address":"null_resource.archive","mode":"managed","type":"null_resource","name":"archive","provider_config_key":"module.dag_trigger_lambda:null","provisioners":[{"type":"local-exec","expressions":{"command":{"references":["data.external.archive_prepare[0].result.build_plan_filename","data.external.archive_prepare[0].result","data.external.archive_prepare[0]","data.external.archive_prepare"]},"interpreter":{"references":["local.python","path.module","data.external.archive_prepare[0].result.timestamp","data.external.archive_prepare[0].result","data.external.archive_prepare[0]","data.external.archive_prepare"]}}}],"expressions":{"triggers":{"references":["data.external.archive_prepare[0].result.filename","data.external.archive_prepare[0].result","data.external.archive_prepare[0]","data.external.archive_prepare","var.trigger_on_package_timestamp","data.external.archive_prepare[0].result.timestamp","data.external.archive_prepare[0].result","data.external.archive_prepare[0]","data.external.archive_prepare"]}},"schema_version":0,"count_expression":{"references":["var.create","var.create_package"]},"depends_on":["local_file.archive_plan"]},{"address":"null_resource.sam_metadata_aws_lambda_function","mode":"managed","type":"null_resource","name":"sam_metadata_aws_lambda_function","provider_config_key":"module.dag_trigger_lambda:null","expressions":{"triggers":{"references":["var.source_path","data.external.archive_prepare[0].result.filename","data.external.archive_prepare[0].result","data.external.archive_prepare[0]","data.external.archive_prepare"]}},"schema_version":0,"count_expression":{"references":["local.create","var.create_sam_metadata","var.create_package","var.create_function","var.create_layer"]},"depends_on":["data.external.archive_prepare","null_resource.archive"]},{"address":"null_resource.sam_metadata_aws_lambda_layer_version","mode":"managed","type":"null_resource","name":"sam_metadata_aws_lambda_layer_version","provider_config_key":"module.dag_trigger_lambda:null","expressions":{"triggers":{"references":["var.source_path","data.external.archive_prepare[0].result.filename","data.external.archive_prepare[0].result","data.external.archive_prepare[0]","data.external.archive_prepare"]}},"schema_version":0,"count_expression":{"references":["local.create","var.create_sam_metadata","var.create_package","var.create_layer"]},"depends_on":["data.external.archive_prepare","null_resource.archive"]},{"address":"data.aws_arn.log_group_arn","mode":"data","type":"aws_arn","name":"log_group_arn","provider_config_key":"aws","expressions":{"arn":{"references":["local.log_group_arn_regional"]}},"schema_version":0,"count_expression":{"references":["local.create_role","var.lambda_at_edge"]}},{"address":"data.aws_caller_identity.current","mode":"data","type":"aws_caller_identity","name":"current","provider_config_key":"aws","schema_version":0},{"address":"data.aws_cloudwatch_log_group.lambda","mode":"data","type":"aws_cloudwatch_log_group","name":"lambda","provider_config_key":"aws","expressions":{"name":{"references":["var.logging_log_group","var.lambda_at_edge","var.function_name"]}},"schema_version":0,"count_expression":{"references":["local.create","var.create_function","var.create_layer","var.use_existing_cloudwatch_log_group"]}},{"address":"data.aws_iam_policy.tracing","mode":"data","type":"aws_iam_policy","name":"tracing","provider_config_key":"aws","expressions":{"arn":{"references":["data.aws_partition.current.partition","data.aws_partition.current"]}},"schema_version":0,"count_expression":{"references":["local.create_role","var.attach_tracing_policy"]}},{"address":"data.aws_iam_policy.vpc","mode":"data","type":"aws_iam_policy","name":"vpc","provider_config_key":"aws","expressions":{"arn":{"references":["data.aws_partition.current.partition","data.aws_partition.current"]}},"schema_version":0,"count_expression":{"references":["local.create_role","var.attach_network_policy"]}},{"address":"data.aws_iam_policy_document.additional_inline","mode":"data","type":"aws_iam_policy_document","name":"additional_inline","provider_config_key":"aws","schema_version":0,"count_expression":{"references":["local.create_role","var.attach_policy_statements"]}},{"address":"data.aws_iam_policy_document.assume_role","mode":"data","type":"aws_iam_policy_document","name":"assume_role","provider_config_key":"aws","expressions":{"statement":[{"actions":{"constant_value":["sts:AssumeRole"]},"effect":{"constant_value":"Allow"},"principals":[{"identifiers":{"references":["local.trusted_entities_services"]},"type":{"constant_value":"Service"}}]}]},"schema_version":0,"count_expression":{"references":["local.create_role"]}},{"address":"data.aws_iam_policy_document.async","mode":"data","type":"aws_iam_policy_document","name":"async","provider_config_key":"aws","expressions":{"statement":[{"actions":{"constant_value":["sns:Publish","sqs:SendMessage","events:PutEvents","lambda:InvokeFunction"]},"effect":{"constant_value":"Allow"},"resources":{"references":["var.destination_on_failure","var.destination_on_success"]}}]},"schema_version":0,"count_expression":{"references":["local.create_role","var.attach_async_event_policy"]}},{"address":"data.aws_iam_policy_document.dead_letter","mode":"data","type":"aws_iam_policy_document","name":"dead_letter","provider_config_key":"aws","expressions":{"statement":[{"actions":{"constant_value":["sns:Publish","sqs:SendMessage"]},"effect":{"constant_value":"Allow"},"resources":{"references":["var.dead_letter_target_arn"]}}]},"schema_version":0,"count_expression":{"references":["local.create_role","var.attach_dead_letter_policy"]}},{"address":"data.aws_iam_policy_document.logs","mode":"data","type":"aws_iam_policy_document","name":"logs","provider_config_key":"aws","expressions":{"statement":[{"actions":{"references":["var.use_existing_cloudwatch_log_group","var.attach_create_log_group_permission"]},"effect":{"constant_value":"Allow"},"resources":{"references":["local.log_group_arn"]}}]},"schema_version":0,"count_expression":{"references":["local.create_role","var.attach_cloudwatch_logs_policy"]}},{"address":"data.aws_partition.current","mode":"data","type":"aws_partition","name":"current","provider_config_key":"aws","schema_version":0},{"address":"data.aws_region.current","mode":"data","type":"aws_region","name":"current","provider_config_key":"aws","schema_version":0},{"address":"data.external.archive_prepare","mode":"data","type":"external","name":"archive_prepare","provider_config_key":"module.dag_trigger_lambda:external","expressions":{"program":{"references":["local.python","path.module"]},"query":{"references":["path.module","path.root","path.cwd","var.build_in_docker","var.docker_pip_cache","var.docker_build_root","var.docker_file","var.docker_image","var.docker_with_ssh_agent","var.docker_additional_options","var.docker_entrypoint","var.artifacts_dir","var.runtime","var.source_path","var.hash_extra","var.recreate_missing_package"]}},"schema_version":0,"count_expression":{"references":["var.create","var.create_package"]}}],"variables":{"allowed_triggers":{"default":{},"description":"Map of allowed triggers to create Lambda permissions"},"architectures":{"default":null,"description":"Instruction set architecture for your Lambda function. Valid values are [\"x86_64\"] and [\"arm64\"]."},"artifacts_dir":{"default":"builds","description":"Directory name where artifacts should be stored"},"assume_role_policy_statements":{"default":{},"description":"Map of dynamic policy statements for assuming Lambda Function role (trust relationship)"},"attach_async_event_policy":{"default":false,"description":"Controls whether async event policy should be added to IAM role for Lambda Function"},"attach_cloudwatch_logs_policy":{"default":true,"description":"Controls whether CloudWatch Logs policy should be added to IAM role for Lambda Function"},"attach_create_log_group_permission":{"default":true,"description":"Controls whether to add the create log group permission to the CloudWatch logs policy"},"attach_dead_letter_policy":{"default":false,"description":"Controls whether SNS/SQS dead letter notification policy should be added to IAM role for Lambda Function"},"attach_network_policy":{"default":false,"description":"Controls whether VPC/network policy should be added to IAM role for Lambda Function"},"attach_policies":{"default":false,"description":"Controls whether list of policies should be added to IAM role for Lambda Function"},"attach_policy":{"default":false,"description":"Controls whether policy should be added to IAM role for Lambda Function"},"attach_policy_json":{"default":false,"description":"Controls whether policy_json should be added to IAM role for Lambda Function"},"attach_policy_jsons":{"default":false,"description":"Controls whether policy_jsons should be added to IAM role for Lambda Function"},"attach_policy_statements":{"default":false,"description":"Controls whether policy_statements should be added to IAM role for Lambda Function"},"attach_tracing_policy":{"default":false,"description":"Controls whether X-Ray tracing policy should be added to IAM role for Lambda Function"},"authorization_type":{"default":"NONE","description":"The type of authentication that the Lambda Function URL uses. Set to 'AWS_IAM' to restrict access to authenticated IAM users only. Set to 'NONE' to bypass IAM authentication and create a public endpoint."},"build_in_docker":{"default":false,"description":"Whether to build dependencies in Docker"},"cloudwatch_logs_kms_key_id":{"default":null,"description":"The ARN of the KMS Key to use when encrypting log data."},"cloudwatch_logs_retention_in_days":{"default":null,"description":"Specifies the number of days you want to retain log events in the specified log group. Possible values are: 1, 3, 5, 7, 14, 30, 60, 90, 120, 150, 180, 365, 400, 545, 731, 1827, and 3653."},"cloudwatch_logs_tags":{"default":{},"description":"A map of tags to assign to the resource."},"code_signing_config_arn":{"default":null,"description":"Amazon Resource Name (ARN) for a Code Signing Configuration"},"compatible_architectures":{"default":null,"description":"A list of Architectures Lambda layer is compatible with. Currently x86_64 and arm64 can be specified."},"compatible_runtimes":{"default":[],"description":"A list of Runtimes this layer is compatible with. Up to 5 runtimes can be specified."},"cors":{"default":{},"description":"CORS settings to be used by the Lambda Function URL"},"create":{"default":true,"description":"Controls whether resources should be created"},"create_async_event_config":{"default":false,"description":"Controls whether async event configuration for Lambda Function/Alias should be created"},"create_current_version_allowed_triggers":{"default":true,"description":"Whether to allow triggers on current version of Lambda Function (this will revoke permissions from previous version because Terraform manages only current resources)"},"create_current_version_async_event_config":{"default":true,"description":"Whether to allow async event configuration on current version of Lambda Function (this will revoke permissions from previous version because Terraform manages only current resources)"},"create_function":{"default":true,"description":"Controls whether Lambda Function resource should be created"},"create_lambda_function_url":{"default":false,"description":"Controls whether the Lambda Function URL resource should be created"},"create_layer":{"default":false,"description":"Controls whether Lambda Layer resource should be created"},"create_package":{"default":true,"description":"Controls whether Lambda package should be created"},"create_role":{"default":true,"description":"Controls whether IAM role for Lambda Function should be created"},"create_sam_metadata":{"default":false,"description":"Controls whether the SAM metadata null resource should be created"},"create_unqualified_alias_allowed_triggers":{"default":true,"description":"Whether to allow triggers on unqualified alias pointing to $LATEST version"},"create_unqualified_alias_async_event_config":{"default":true,"description":"Whether to allow async event configuration on unqualified alias pointing to $LATEST version"},"create_unqualified_alias_lambda_function_url":{"default":true,"description":"Whether to use unqualified alias pointing to $LATEST version in Lambda Function URL"},"dead_letter_target_arn":{"default":null,"description":"The ARN of an SNS topic or SQS queue to notify when an invocation fails."},"description":{"default":"","description":"Description of your Lambda Function (or Layer)"},"destination_on_failure":{"default":null,"description":"Amazon Resource Name (ARN) of the destination resource for failed asynchronous invocations"},"destination_on_success":{"default":null,"description":"Amazon Resource Name (ARN) of the destination resource for successful asynchronous invocations"},"docker_additional_options":{"default":[],"description":"Additional options to pass to the docker run command (e.g. to set environment variables, volumes, etc.)"},"docker_build_root":{"default":"","description":"Root dir where to build in Docker"},"docker_entrypoint":{"default":null,"description":"Path to the Docker entrypoint to use"},"docker_file":{"default":"","description":"Path to a Dockerfile when building in Docker"},"docker_image":{"default":"","description":"Docker image to use for the build"},"docker_pip_cache":{"default":null,"description":"Whether to mount a shared pip cache folder into docker environment or not"},"docker_with_ssh_agent":{"default":false,"description":"Whether to pass SSH_AUTH_SOCK into docker environment or not"},"environment_variables":{"default":{},"description":"A map that defines environment variables for the Lambda Function."},"ephemeral_storage_size":{"default":512,"description":"Amount of ephemeral storage (/tmp) in MB your Lambda Function can use at runtime. Valid value between 512 MB to 10,240 MB (10 GB)."},"event_source_mapping":{"default":{},"description":"Map of event source mapping"},"file_system_arn":{"default":null,"description":"The Amazon Resource Name (ARN) of the Amazon EFS Access Point that provides access to the file system."},"file_system_local_mount_path":{"default":null,"description":"The path where the function can access the file system, starting with /mnt/."},"function_name":{"default":"","description":"A unique name for your Lambda Function"},"function_tags":{"default":{},"description":"A map of tags to assign only to the lambda function"},"handler":{"default":"","description":"Lambda Function entrypoint in your code"},"hash_extra":{"default":"","description":"The string to add into hashing function. Useful when building same source path for different functions."},"ignore_source_code_hash":{"default":false,"description":"Whether to ignore changes to the function's source code hash. Set to true if you manage infrastructure and code deployments separately."},"image_config_command":{"default":[],"description":"The CMD for the docker image"},"image_config_entry_point":{"default":[],"description":"The ENTRYPOINT for the docker image"},"image_config_working_directory":{"default":null,"description":"The working directory for the docker image"},"image_uri":{"default":null,"description":"The ECR image URI containing the function's deployment package."},"invoke_mode":{"default":null,"description":"Invoke mode of the Lambda Function URL. Valid values are BUFFERED (default) and RESPONSE_STREAM."},"kms_key_arn":{"default":null,"description":"The ARN of KMS key to use by your Lambda Function"},"lambda_at_edge":{"default":false,"description":"Set this to true if using Lambda@Edge, to enable publishing, limit the timeout, and allow edgelambda.amazonaws.com to invoke the function"},"lambda_at_edge_logs_all_regions":{"default":true,"description":"Whether to specify a wildcard in IAM policy used by Lambda@Edge to allow logging in all regions"},"lambda_role":{"default":"","description":" IAM role ARN attached to the Lambda Function. This governs both who / what can invoke your Lambda Function, as well as what resources our Lambda Function has access to. See Lambda Permission Model for more details."},"layer_name":{"default":"","description":"Name of Lambda Layer to create"},"layer_skip_destroy":{"default":false,"description":"Whether to retain the old version of a previously deployed Lambda Layer."},"layers":{"default":null,"description":"List of Lambda Layer Version ARNs (maximum of 5) to attach to your Lambda Function."},"license_info":{"default":"","description":"License info for your Lambda Layer. Eg, MIT or full url of a license."},"local_existing_package":{"default":null,"description":"The absolute path to an existing zip-file to use"},"logging_application_log_level":{"default":null,"description":"The application log level of the Lambda Function. Valid values are \"TRACE\", \"DEBUG\", \"INFO\", \"WARN\", \"ERROR\", or \"FATAL\"."},"logging_log_format":{"default":"Text","description":"The log format of the Lambda Function. Valid values are \"JSON\" or \"Text\"."},"logging_log_group":{"default":null,"description":"The CloudWatch log group to send logs to."},"logging_system_log_level":{"default":null,"description":"The system log level of the Lambda Function. Valid values are \"DEBUG\", \"INFO\", or \"WARN\"."},"maximum_event_age_in_seconds":{"default":null,"description":"Maximum age of a request that Lambda sends to a function for processing in seconds. Valid values between 60 and 21600."},"maximum_retry_attempts":{"default":null,"description":"Maximum number of times to retry when the function returns an error. Valid values between 0 and 2. Defaults to 2."},"memory_size":{"default":128,"description":"Amount of memory in MB your Lambda Function can use at runtime. Valid value between 128 MB to 10,240 MB (10 GB), in 64 MB increments."},"number_of_policies":{"default":0,"description":"Number of policies to attach to IAM role for Lambda Function"},"number_of_policy_jsons":{"default":0,"description":"Number of policies JSON to attach to IAM role for Lambda Function"},"package_type":{"default":"Zip","description":"The Lambda deployment package type. Valid options: Zip or Image"},"policies":{"default":[],"description":"List of policy statements ARN to attach to Lambda Function role"},"policy":{"default":null,"description":"An additional policy document ARN to attach to the Lambda Function role"},"policy_json":{"default":null,"description":"An additional policy document as JSON to attach to the Lambda Function role"},"policy_jsons":{"default":[],"description":"List of additional policy documents as JSON to attach to Lambda Function role"},"policy_name":{"default":null,"description":"IAM policy name. It override the default value, which is the same as role_name"},"policy_path":{"default":null,"description":"Path of policies to that should be added to IAM role for Lambda Function"},"policy_statements":{"default":{},"description":"Map of dynamic policy statements to attach to Lambda Function role"},"provisioned_concurrent_executions":{"default":-1,"description":"Amount of capacity to allocate. Set to 1 or greater to enable, or set to 0 to disable provisioned concurrency."},"publish":{"default":false,"description":"Whether to publish creation/change as new Lambda Function Version."},"putin_khuylo":{"default":true,"description":"Do you agree that Putin doesn't respect Ukrainian sovereignty and territorial integrity? More info: https://en.wikipedia.org/wiki/Putin_khuylo!"},"recreate_missing_package":{"default":true,"description":"Whether to recreate missing Lambda package if it is missing locally or not"},"replace_security_groups_on_destroy":{"default":null,"description":"(Optional) When true, all security groups defined in vpc_security_group_ids will be replaced with the default security group after the function is destroyed. Set the replacement_security_group_ids variable to use a custom list of security groups for replacement instead."},"replacement_security_group_ids":{"default":null,"description":"(Optional) List of security group IDs to assign to orphaned Lambda function network interfaces upon destruction. replace_security_groups_on_destroy must be set to true to use this attribute."},"reserved_concurrent_executions":{"default":-1,"description":"The amount of reserved concurrent executions for this Lambda Function. A value of 0 disables Lambda Function from being triggered and -1 removes any concurrency limitations. Defaults to Unreserved Concurrency Limits -1."},"role_description":{"default":null,"description":"Description of IAM role to use for Lambda Function"},"role_force_detach_policies":{"default":true,"description":"Specifies to force detaching any policies the IAM role has before destroying it."},"role_maximum_session_duration":{"default":3600,"description":"Maximum session duration, in seconds, for the IAM role"},"role_name":{"default":null,"description":"Name of IAM role to use for Lambda Function"},"role_path":{"default":null,"description":"Path of IAM role to use for Lambda Function"},"role_permissions_boundary":{"default":null,"description":"The ARN of the policy that is used to set the permissions boundary for the IAM role used by Lambda Function"},"role_tags":{"default":{},"description":"A map of tags to assign to IAM role"},"runtime":{"default":"","description":"Lambda Function runtime"},"s3_acl":{"default":"private","description":"The canned ACL to apply. Valid values are private, public-read, public-read-write, aws-exec-read, authenticated-read, bucket-owner-read, and bucket-owner-full-control. Defaults to private."},"s3_bucket":{"default":null,"description":"S3 bucket to store artifacts"},"s3_existing_package":{"default":null,"description":"The S3 bucket object with keys bucket, key, version pointing to an existing zip-file to use"},"s3_kms_key_id":{"default":null,"description":"Specifies a custom KMS key to use for S3 object encryption."},"s3_object_override_default_tags":{"default":false,"description":"Whether to override the default_tags from provider? NB: S3 objects support a maximum of 10 tags."},"s3_object_storage_class":{"default":"ONEZONE_IA","description":"Specifies the desired Storage Class for the artifact uploaded to S3. Can be either STANDARD, REDUCED_REDUNDANCY, ONEZONE_IA, INTELLIGENT_TIERING, or STANDARD_IA."},"s3_object_tags":{"default":{},"description":"A map of tags to assign to S3 bucket object."},"s3_object_tags_only":{"default":false,"description":"Set to true to not merge tags with s3_object_tags. Useful to avoid breaching S3 Object 10 tag limit."},"s3_prefix":{"default":null,"description":"Directory name where artifacts should be stored in the S3 bucket. If unset, the path from `artifacts_dir` is used"},"s3_server_side_encryption":{"default":null,"description":"Specifies server-side encryption of the object in S3. Valid values are \"AES256\" and \"aws:kms\"."},"snap_start":{"default":false,"description":"(Optional) Snap start settings for low-latency startups"},"source_path":{"default":null,"description":"The absolute path to a local file or directory containing your Lambda source code"},"store_on_s3":{"default":false,"description":"Whether to store produced artifacts on S3 or locally."},"tags":{"default":{},"description":"A map of tags to assign to resources."},"timeout":{"default":3,"description":"The amount of time your Lambda Function has to run in seconds."},"timeouts":{"default":{},"description":"Define maximum timeout for creating, updating, and deleting Lambda Function resources"},"tracing_mode":{"default":null,"description":"Tracing mode of the Lambda Function. Valid value can be either PassThrough or Active."},"trigger_on_package_timestamp":{"default":true,"description":"Whether to recreate the Lambda package if the timestamp changes"},"trusted_entities":{"default":[],"description":"List of additional trusted entities for assuming Lambda Function role (trust relationship)"},"use_existing_cloudwatch_log_group":{"default":false,"description":"Whether to use an existing CloudWatch log group or create new"},"vpc_security_group_ids":{"default":null,"description":"List of security group ids when Lambda Function should run in the VPC."},"vpc_subnet_ids":{"default":null,"description":"List of subnet ids when Lambda Function should run in the VPC. Usually private or intra subnets."}}}},"input_bucket":{"source":"git::https://github.com/terraform-aws-modules/terraform-aws-s3-bucket.git?ref=3a1c80b29fdf8fc682d2749456ec36ecbaf4ce14","expressions":{"acl":{"constant_value":"private"},"attach_deny_incorrect_encryption_headers":{"constant_value":true},"attach_deny_insecure_transport_policy":{"constant_value":true},"attach_require_latest_tls_policy":{"constant_value":true},"bucket":{"references":["local.input_bucket_name"]},"control_object_ownership":{"constant_value":true},"force_destroy":{"constant_value":true},"object_ownership":{"constant_value":"BucketOwnerPreferred"},"server_side_encryption_configuration":{"constant_value":{"rule":{"apply_server_side_encryption_by_default":{"sse_algorithm":"AES256"}}}},"tags":{"references":["local.tags"]},"versioning":{"constant_value":{"enabled":true}}},"module":{"outputs":{"s3_bucket_arn":{"expression":{"references":["aws_s3_bucket.this[0].arn","aws_s3_bucket.this[0]","aws_s3_bucket.this"]},"description":"The ARN of the bucket. Will be of format arn:aws:s3:::bucketname."},"s3_bucket_bucket_domain_name":{"expression":{"references":["aws_s3_bucket.this[0].bucket_domain_name","aws_s3_bucket.this[0]","aws_s3_bucket.this"]},"description":"The bucket domain name. Will be of format bucketname.s3.amazonaws.com."},"s3_bucket_bucket_regional_domain_name":{"expression":{"references":["aws_s3_bucket.this[0].bucket_regional_domain_name","aws_s3_bucket.this[0]","aws_s3_bucket.this"]},"description":"The bucket region-specific domain name. The bucket domain name including the region name, please refer here for format. Note: The AWS CloudFront allows specifying S3 region-specific endpoint when creating S3 origin, it will prevent redirect issues from CloudFront to S3 Origin URL."},"s3_bucket_hosted_zone_id":{"expression":{"references":["aws_s3_bucket.this[0].hosted_zone_id","aws_s3_bucket.this[0]","aws_s3_bucket.this"]},"description":"The Route 53 Hosted Zone ID for this bucket's region."},"s3_bucket_id":{"expression":{"references":["aws_s3_bucket_policy.this[0].id","aws_s3_bucket_policy.this[0]","aws_s3_bucket_policy.this","aws_s3_bucket.this[0].id","aws_s3_bucket.this[0]","aws_s3_bucket.this"]},"description":"The name of the bucket."},"s3_bucket_lifecycle_configuration_rules":{"expression":{"references":["aws_s3_bucket_lifecycle_configuration.this[0].rule","aws_s3_bucket_lifecycle_configuration.this[0]","aws_s3_bucket_lifecycle_configuration.this"]},"description":"The lifecycle rules of the bucket, if the bucket is configured with lifecycle rules. If not, this will be an empty string."},"s3_bucket_policy":{"expression":{"references":["aws_s3_bucket_policy.this[0].policy","aws_s3_bucket_policy.this[0]","aws_s3_bucket_policy.this"]},"description":"The policy of the bucket, if the bucket is configured with a policy. If not, this will be an empty string."},"s3_bucket_region":{"expression":{"references":["aws_s3_bucket.this[0].region","aws_s3_bucket.this[0]","aws_s3_bucket.this"]},"description":"The AWS region this bucket resides in."},"s3_bucket_website_domain":{"expression":{"references":["aws_s3_bucket_website_configuration.this[0].website_domain","aws_s3_bucket_website_configuration.this[0]","aws_s3_bucket_website_configuration.this"]},"description":"The domain of the website endpoint, if the bucket is configured with a website. If not, this will be an empty string. This is used to create Route 53 alias records."},"s3_bucket_website_endpoint":{"expression":{"references":["aws_s3_bucket_website_configuration.this[0].website_endpoint","aws_s3_bucket_website_configuration.this[0]","aws_s3_bucket_website_configuration.this"]},"description":"The website endpoint, if the bucket is configured with a website. If not, this will be an empty string."}},"resources":[{"address":"aws_s3_bucket.this","mode":"managed","type":"aws_s3_bucket","name":"this","provider_config_key":"aws","expressions":{"bucket":{"references":["var.bucket"]},"bucket_prefix":{"references":["var.bucket_prefix"]},"force_destroy":{"references":["var.force_destroy"]},"object_lock_enabled":{"references":["var.object_lock_enabled"]},"tags":{"references":["var.tags"]}},"schema_version":0,"count_expression":{"references":["local.create_bucket"]}},{"address":"aws_s3_bucket_accelerate_configuration.this","mode":"managed","type":"aws_s3_bucket_accelerate_configuration","name":"this","provider_config_key":"aws","expressions":{"bucket":{"references":["aws_s3_bucket.this[0].id","aws_s3_bucket.this[0]","aws_s3_bucket.this"]},"expected_bucket_owner":{"references":["var.expected_bucket_owner"]},"status":{"references":["var.acceleration_status"]}},"schema_version":0,"count_expression":{"references":["local.create_bucket","var.acceleration_status"]}},{"address":"aws_s3_bucket_acl.this","mode":"managed","type":"aws_s3_bucket_acl","name":"this","provider_config_key":"aws","expressions":{"acl":{"references":["var.acl","var.acl"]},"bucket":{"references":["aws_s3_bucket.this[0].id","aws_s3_bucket.this[0]","aws_s3_bucket.this"]},"expected_bucket_owner":{"references":["var.expected_bucket_owner"]}},"schema_version":0,"count_expression":{"references":["local.create_bucket","local.create_bucket_acl"]},"depends_on":["aws_s3_bucket_ownership_controls.this"]},{"address":"aws_s3_bucket_analytics_configuration.this","mode":"managed","type":"aws_s3_bucket_analytics_configuration","name":"this","provider_config_key":"aws","expressions":{"bucket":{"references":["aws_s3_bucket.this[0].id","aws_s3_bucket.this[0]","aws_s3_bucket.this"]},"name":{"references":["each.key"]}},"schema_version":0,"for_each_expression":{"references":["var.analytics_configuration","local.create_bucket"]}},{"address":"aws_s3_bucket_cors_configuration.this","mode":"managed","type":"aws_s3_bucket_cors_configuration","name":"this","provider_config_key":"aws","expressions":{"bucket":{"references":["aws_s3_bucket.this[0].id","aws_s3_bucket.this[0]","aws_s3_bucket.this"]},"expected_bucket_owner":{"references":["var.expected_bucket_owner"]}},"schema_version":0,"count_expression":{"references":["local.create_bucket","local.cors_rules"]}},{"address":"aws_s3_bucket_intelligent_tiering_configuration.this","mode":"managed","type":"aws_s3_bucket_intelligent_tiering_configuration","name":"this","provider_config_key":"aws","expressions":{"bucket":{"references":["aws_s3_bucket.this[0].id","aws_s3_bucket.this[0]","aws_s3_bucket.this"]},"name":{"references":["each.key"]},"status":{"references":["each.value.status","each.value","each.value.status","each.value"]}},"schema_version":0,"for_each_expression":{"references":["local.intelligent_tiering","local.create_bucket"]}},{"address":"aws_s3_bucket_inventory.this","mode":"managed","type":"aws_s3_bucket_inventory","name":"this","provider_config_key":"aws","expressions":{"bucket":{"references":["each.value.bucket","each.value","aws_s3_bucket.this[0].id","aws_s3_bucket.this[0]","aws_s3_bucket.this"]},"destination":[{"bucket":[{"account_id":{"references":["each.value.destination.account_id","each.value.destination","each.value"]},"bucket_arn":{"references":["each.value.destination.bucket_arn","each.value.destination","each.value","aws_s3_bucket.this[0].arn","aws_s3_bucket.this[0]","aws_s3_bucket.this"]},"format":{"references":["each.value.destination.format","each.value.destination","each.value"]},"prefix":{"references":["each.value.destination.prefix","each.value.destination","each.value"]}}]}],"enabled":{"references":["each.value.enabled","each.value"]},"included_object_versions":{"references":["each.value.included_object_versions","each.value"]},"name":{"references":["each.key"]},"optional_fields":{"references":["each.value.optional_fields","each.value"]},"schedule":[{"frequency":{"references":["each.value.frequency","each.value"]}}]},"schema_version":0,"for_each_expression":{"references":["var.inventory_configuration","local.create_bucket"]}},{"address":"aws_s3_bucket_lifecycle_configuration.this","mode":"managed","type":"aws_s3_bucket_lifecycle_configuration","name":"this","provider_config_key":"aws","expressions":{"bucket":{"references":["aws_s3_bucket.this[0].id","aws_s3_bucket.this[0]","aws_s3_bucket.this"]},"expected_bucket_owner":{"references":["var.expected_bucket_owner"]}},"schema_version":1,"count_expression":{"references":["local.create_bucket","local.lifecycle_rules"]},"depends_on":["aws_s3_bucket_versioning.this"]},{"address":"aws_s3_bucket_logging.this","mode":"managed","type":"aws_s3_bucket_logging","name":"this","provider_config_key":"aws","expressions":{"bucket":{"references":["aws_s3_bucket.this[0].id","aws_s3_bucket.this[0]","aws_s3_bucket.this"]},"target_bucket":{"references":["var.logging[\"target_bucket\"]","var.logging"]},"target_prefix":{"references":["var.logging[\"target_prefix\"]","var.logging"]}},"schema_version":0,"count_expression":{"references":["local.create_bucket","var.logging"]}},{"address":"aws_s3_bucket_metric.this","mode":"managed","type":"aws_s3_bucket_metric","name":"this","provider_config_key":"aws","expressions":{"bucket":{"references":["aws_s3_bucket.this[0].id","aws_s3_bucket.this[0]","aws_s3_bucket.this"]},"name":{"references":["each.value.name","each.value"]}},"schema_version":0,"for_each_expression":{"references":["local.metric_configuration","local.create_bucket"]}},{"address":"aws_s3_bucket_object_lock_configuration.this","mode":"managed","type":"aws_s3_bucket_object_lock_configuration","name":"this","provider_config_key":"aws","expressions":{"bucket":{"references":["aws_s3_bucket.this[0].id","aws_s3_bucket.this[0]","aws_s3_bucket.this"]},"expected_bucket_owner":{"references":["var.expected_bucket_owner"]},"rule":[{"default_retention":[{"days":{"references":["var.object_lock_configuration.rule.default_retention.days","var.object_lock_configuration.rule.default_retention","var.object_lock_configuration.rule","var.object_lock_configuration"]},"mode":{"references":["var.object_lock_configuration.rule.default_retention.mode","var.object_lock_configuration.rule.default_retention","var.object_lock_configuration.rule","var.object_lock_configuration"]},"years":{"references":["var.object_lock_configuration.rule.default_retention.years","var.object_lock_configuration.rule.default_retention","var.object_lock_configuration.rule","var.object_lock_configuration"]}}]}],"token":{"references":["var.object_lock_configuration.token","var.object_lock_configuration"]}},"schema_version":0,"count_expression":{"references":["local.create_bucket","var.object_lock_enabled","var.object_lock_configuration.rule.default_retention","var.object_lock_configuration.rule","var.object_lock_configuration"]}},{"address":"aws_s3_bucket_ownership_controls.this","mode":"managed","type":"aws_s3_bucket_ownership_controls","name":"this","provider_config_key":"aws","expressions":{"bucket":{"references":["local.attach_policy","aws_s3_bucket_policy.this[0].id","aws_s3_bucket_policy.this[0]","aws_s3_bucket_policy.this","aws_s3_bucket.this[0].id","aws_s3_bucket.this[0]","aws_s3_bucket.this"]},"rule":[{"object_ownership":{"references":["var.object_ownership"]}}]},"schema_version":0,"count_expression":{"references":["local.create_bucket","var.control_object_ownership"]},"depends_on":["aws_s3_bucket_policy.this","aws_s3_bucket_public_access_block.this","aws_s3_bucket.this"]},{"address":"aws_s3_bucket_policy.this","mode":"managed","type":"aws_s3_bucket_policy","name":"this","provider_config_key":"aws","expressions":{"bucket":{"references":["aws_s3_bucket.this[0].id","aws_s3_bucket.this[0]","aws_s3_bucket.this"]},"policy":{"references":["data.aws_iam_policy_document.combined[0].json","data.aws_iam_policy_document.combined[0]","data.aws_iam_policy_document.combined"]}},"schema_version":0,"count_expression":{"references":["local.create_bucket","local.attach_policy"]},"depends_on":["aws_s3_bucket_public_access_block.this"]},{"address":"aws_s3_bucket_public_access_block.this","mode":"managed","type":"aws_s3_bucket_public_access_block","name":"this","provider_config_key":"aws","expressions":{"block_public_acls":{"references":["var.block_public_acls"]},"block_public_policy":{"references":["var.block_public_policy"]},"bucket":{"references":["aws_s3_bucket.this[0].id","aws_s3_bucket.this[0]","aws_s3_bucket.this"]},"ignore_public_acls":{"references":["var.ignore_public_acls"]},"restrict_public_buckets":{"references":["var.restrict_public_buckets"]}},"schema_version":0,"count_expression":{"references":["local.create_bucket","var.attach_public_policy"]}},{"address":"aws_s3_bucket_replication_configuration.this","mode":"managed","type":"aws_s3_bucket_replication_configuration","name":"this","provider_config_key":"aws","expressions":{"bucket":{"references":["aws_s3_bucket.this[0].id","aws_s3_bucket.this[0]","aws_s3_bucket.this"]},"role":{"references":["var.replication_configuration[\"role\"]","var.replication_configuration"]}},"schema_version":0,"count_expression":{"references":["local.create_bucket","var.replication_configuration"]},"depends_on":["aws_s3_bucket_versioning.this"]},{"address":"aws_s3_bucket_request_payment_configuration.this","mode":"managed","type":"aws_s3_bucket_request_payment_configuration","name":"this","provider_config_key":"aws","expressions":{"bucket":{"references":["aws_s3_bucket.this[0].id","aws_s3_bucket.this[0]","aws_s3_bucket.this"]},"expected_bucket_owner":{"references":["var.expected_bucket_owner"]},"payer":{"references":["var.request_payer"]}},"schema_version":0,"count_expression":{"references":["local.create_bucket","var.request_payer"]}},{"address":"aws_s3_bucket_server_side_encryption_configuration.this","mode":"managed","type":"aws_s3_bucket_server_side_encryption_configuration","name":"this","provider_config_key":"aws","expressions":{"bucket":{"references":["aws_s3_bucket.this[0].id","aws_s3_bucket.this[0]","aws_s3_bucket.this"]},"expected_bucket_owner":{"references":["var.expected_bucket_owner"]}},"schema_version":0,"count_expression":{"references":["local.create_bucket","var.server_side_encryption_configuration"]}},{"address":"aws_s3_bucket_versioning.this","mode":"managed","type":"aws_s3_bucket_versioning","name":"this","provider_config_key":"aws","expressions":{"bucket":{"references":["aws_s3_bucket.this[0].id","aws_s3_bucket.this[0]","aws_s3_bucket.this"]},"expected_bucket_owner":{"references":["var.expected_bucket_owner"]},"mfa":{"references":["var.versioning[\"mfa\"]","var.versioning"]},"versioning_configuration":[{"mfa_delete":{"references":["var.versioning[\"mfa_delete\"]","var.versioning","var.versioning[\"mfa_delete\"]","var.versioning"]},"status":{"references":["var.versioning[\"enabled\"]","var.versioning","var.versioning[\"status\"]","var.versioning","var.versioning[\"status\"]","var.versioning"]}}]},"schema_version":0,"count_expression":{"references":["local.create_bucket","var.versioning"]}},{"address":"aws_s3_bucket_website_configuration.this","mode":"managed","type":"aws_s3_bucket_website_configuration","name":"this","provider_config_key":"aws","expressions":{"bucket":{"references":["aws_s3_bucket.this[0].id","aws_s3_bucket.this[0]","aws_s3_bucket.this"]},"expected_bucket_owner":{"references":["var.expected_bucket_owner"]}},"schema_version":0,"count_expression":{"references":["local.create_bucket","var.website"]}},{"address":"data.aws_caller_identity.current","mode":"data","type":"aws_caller_identity","name":"current","provider_config_key":"aws","schema_version":0},{"address":"data.aws_canonical_user_id.this","mode":"data","type":"aws_canonical_user_id","name":"this","provider_config_key":"aws","schema_version":0,"count_expression":{"references":["local.create_bucket","local.create_bucket_acl","var.owner[\"id\"]","var.owner"]}},{"address":"data.aws_iam_policy_document.access_log_delivery","mode":"data","type":"aws_iam_policy_document","name":"access_log_delivery","provider_config_key":"aws","expressions":{"statement":[{"actions":{"constant_value":["s3:PutObject"]},"effect":{"constant_value":"Allow"},"principals":[{"identifiers":{"constant_value":["logging.s3.amazonaws.com"]},"type":{"constant_value":"Service"}}],"resources":{"references":["aws_s3_bucket.this[0].arn","aws_s3_bucket.this[0]","aws_s3_bucket.this"]},"sid":{"constant_value":"AWSAccessLogDeliveryWrite"}},{"actions":{"constant_value":["s3:GetBucketAcl"]},"effect":{"constant_value":"Allow"},"principals":[{"identifiers":{"constant_value":["logging.s3.amazonaws.com"]},"type":{"constant_value":"Service"}}],"resources":{"references":["aws_s3_bucket.this[0].arn","aws_s3_bucket.this[0]","aws_s3_bucket.this"]},"sid":{"constant_value":"AWSAccessLogDeliveryAclCheck"}}]},"schema_version":0,"count_expression":{"references":["local.create_bucket","var.attach_access_log_delivery_policy"]}},{"address":"data.aws_iam_policy_document.combined","mode":"data","type":"aws_iam_policy_document","name":"combined","provider_config_key":"aws","expressions":{"source_policy_documents":{"references":["var.attach_elb_log_delivery_policy","data.aws_iam_policy_document.elb_log_delivery[0].json","data.aws_iam_policy_document.elb_log_delivery[0]","data.aws_iam_policy_document.elb_log_delivery","var.attach_lb_log_delivery_policy","data.aws_iam_policy_document.lb_log_delivery[0].json","data.aws_iam_policy_document.lb_log_delivery[0]","data.aws_iam_policy_document.lb_log_delivery","var.attach_access_log_delivery_policy","data.aws_iam_policy_document.access_log_delivery[0].json","data.aws_iam_policy_document.access_log_delivery[0]","data.aws_iam_policy_document.access_log_delivery","var.attach_require_latest_tls_policy","data.aws_iam_policy_document.require_latest_tls[0].json","data.aws_iam_policy_document.require_latest_tls[0]","data.aws_iam_policy_document.require_latest_tls","var.attach_deny_insecure_transport_policy","data.aws_iam_policy_document.deny_insecure_transport[0].json","data.aws_iam_policy_document.deny_insecure_transport[0]","data.aws_iam_policy_document.deny_insecure_transport","var.attach_deny_unencrypted_object_uploads","data.aws_iam_policy_document.deny_unencrypted_object_uploads[0].json","data.aws_iam_policy_document.deny_unencrypted_object_uploads[0]","data.aws_iam_policy_document.deny_unencrypted_object_uploads","var.attach_deny_incorrect_kms_key_sse","data.aws_iam_policy_document.deny_incorrect_kms_key_sse[0].json","data.aws_iam_policy_document.deny_incorrect_kms_key_sse[0]","data.aws_iam_policy_document.deny_incorrect_kms_key_sse","var.attach_deny_incorrect_encryption_headers","data.aws_iam_policy_document.deny_incorrect_encryption_headers[0].json","data.aws_iam_policy_document.deny_incorrect_encryption_headers[0]","data.aws_iam_policy_document.deny_incorrect_encryption_headers","var.attach_inventory_destination_policy","var.attach_analytics_destination_policy","data.aws_iam_policy_document.inventory_and_analytics_destination_policy[0].json","data.aws_iam_policy_document.inventory_and_analytics_destination_policy[0]","data.aws_iam_policy_document.inventory_and_analytics_destination_policy","var.attach_policy","var.policy"]}},"schema_version":0,"count_expression":{"references":["local.create_bucket","local.attach_policy"]}},{"address":"data.aws_iam_policy_document.deny_incorrect_encryption_headers","mode":"data","type":"aws_iam_policy_document","name":"deny_incorrect_encryption_headers","provider_config_key":"aws","expressions":{"statement":[{"actions":{"constant_value":["s3:PutObject"]},"condition":[{"test":{"constant_value":"StringNotEquals"},"values":{"references":["var.server_side_encryption_configuration.rule.apply_server_side_encryption_by_default.sse_algorithm","var.server_side_encryption_configuration.rule.apply_server_side_encryption_by_default","var.server_side_encryption_configuration.rule","var.server_side_encryption_configuration"]},"variable":{"constant_value":"s3:x-amz-server-side-encryption"}}],"effect":{"constant_value":"Deny"},"principals":[{"identifiers":{"constant_value":["*"]},"type":{"constant_value":"*"}}],"resources":{"references":["aws_s3_bucket.this[0].arn","aws_s3_bucket.this[0]","aws_s3_bucket.this"]},"sid":{"constant_value":"denyIncorrectEncryptionHeaders"}}]},"schema_version":0,"count_expression":{"references":["local.create_bucket","var.attach_deny_incorrect_encryption_headers"]}},{"address":"data.aws_iam_policy_document.deny_incorrect_kms_key_sse","mode":"data","type":"aws_iam_policy_document","name":"deny_incorrect_kms_key_sse","provider_config_key":"aws","expressions":{"statement":[{"actions":{"constant_value":["s3:PutObject"]},"condition":[{"test":{"constant_value":"StringNotEquals"},"values":{"references":["var.allowed_kms_key_arn"]},"variable":{"constant_value":"s3:x-amz-server-side-encryption-aws-kms-key-id"}}],"effect":{"constant_value":"Deny"},"principals":[{"identifiers":{"constant_value":["*"]},"type":{"constant_value":"*"}}],"resources":{"references":["aws_s3_bucket.this[0].arn","aws_s3_bucket.this[0]","aws_s3_bucket.this"]},"sid":{"constant_value":"denyIncorrectKmsKeySse"}}]},"schema_version":0,"count_expression":{"references":["local.create_bucket","var.attach_deny_incorrect_kms_key_sse"]}},{"address":"data.aws_iam_policy_document.deny_insecure_transport","mode":"data","type":"aws_iam_policy_document","name":"deny_insecure_transport","provider_config_key":"aws","expressions":{"statement":[{"actions":{"constant_value":["s3:*"]},"condition":[{"test":{"constant_value":"Bool"},"values":{"constant_value":["false"]},"variable":{"constant_value":"aws:SecureTransport"}}],"effect":{"constant_value":"Deny"},"principals":[{"identifiers":{"constant_value":["*"]},"type":{"constant_value":"*"}}],"resources":{"references":["aws_s3_bucket.this[0].arn","aws_s3_bucket.this[0]","aws_s3_bucket.this","aws_s3_bucket.this[0].arn","aws_s3_bucket.this[0]","aws_s3_bucket.this"]},"sid":{"constant_value":"denyInsecureTransport"}}]},"schema_version":0,"count_expression":{"references":["local.create_bucket","var.attach_deny_insecure_transport_policy"]}},{"address":"data.aws_iam_policy_document.deny_unencrypted_object_uploads","mode":"data","type":"aws_iam_policy_document","name":"deny_unencrypted_object_uploads","provider_config_key":"aws","expressions":{"statement":[{"actions":{"constant_value":["s3:PutObject"]},"condition":[{"test":{"constant_value":"Null"},"values":{"constant_value":[true]},"variable":{"constant_value":"s3:x-amz-server-side-encryption"}}],"effect":{"constant_value":"Deny"},"principals":[{"identifiers":{"constant_value":["*"]},"type":{"constant_value":"*"}}],"resources":{"references":["aws_s3_bucket.this[0].arn","aws_s3_bucket.this[0]","aws_s3_bucket.this"]},"sid":{"constant_value":"denyUnencryptedObjectUploads"}}]},"schema_version":0,"count_expression":{"references":["local.create_bucket","var.attach_deny_unencrypted_object_uploads"]}},{"address":"data.aws_iam_policy_document.elb_log_delivery","mode":"data","type":"aws_iam_policy_document","name":"elb_log_delivery","provider_config_key":"aws","expressions":{"statement":[{"actions":{"constant_value":["s3:PutObject"]},"effect":{"constant_value":"Allow"},"principals":[{"identifiers":{"constant_value":["logdelivery.elasticloadbalancing.amazonaws.com"]},"type":{"constant_value":"Service"}}],"resources":{"references":["aws_s3_bucket.this[0].arn","aws_s3_bucket.this[0]","aws_s3_bucket.this"]},"sid":{"constant_value":""}}]},"schema_version":0,"count_expression":{"references":["local.create_bucket","var.attach_elb_log_delivery_policy"]}},{"address":"data.aws_iam_policy_document.inventory_and_analytics_destination_policy","mode":"data","type":"aws_iam_policy_document","name":"inventory_and_analytics_destination_policy","provider_config_key":"aws","expressions":{"statement":[{"actions":{"constant_value":["s3:PutObject"]},"condition":[{"test":{"constant_value":"ArnLike"},"values":{"references":["var.inventory_self_source_destination","aws_s3_bucket.this[0].arn","aws_s3_bucket.this[0]","aws_s3_bucket.this","var.inventory_source_bucket_arn","var.analytics_self_source_destination","aws_s3_bucket.this[0].arn","aws_s3_bucket.this[0]","aws_s3_bucket.this","var.analytics_source_bucket_arn"]},"variable":{"constant_value":"aws:SourceArn"}},{"test":{"constant_value":"StringEquals"},"values":{"references":["var.inventory_self_source_destination","data.aws_caller_identity.current.id","data.aws_caller_identity.current","var.inventory_source_account_id","var.analytics_self_source_destination","data.aws_caller_identity.current.id","data.aws_caller_identity.current","var.analytics_source_account_id"]},"variable":{"constant_value":"aws:SourceAccount"}},{"test":{"constant_value":"StringEquals"},"values":{"constant_value":["bucket-owner-full-control"]},"variable":{"constant_value":"s3:x-amz-acl"}}],"effect":{"constant_value":"Allow"},"principals":[{"identifiers":{"constant_value":["s3.amazonaws.com"]},"type":{"constant_value":"Service"}}],"resources":{"references":["aws_s3_bucket.this[0].arn","aws_s3_bucket.this[0]","aws_s3_bucket.this"]},"sid":{"constant_value":"destinationInventoryAndAnalyticsPolicy"}}]},"schema_version":0,"count_expression":{"references":["local.create_bucket","var.attach_inventory_destination_policy","var.attach_analytics_destination_policy"]}},{"address":"data.aws_iam_policy_document.lb_log_delivery","mode":"data","type":"aws_iam_policy_document","name":"lb_log_delivery","provider_config_key":"aws","expressions":{"statement":[{"actions":{"constant_value":["s3:PutObject"]},"condition":[{"test":{"constant_value":"StringEquals"},"values":{"constant_value":["bucket-owner-full-control"]},"variable":{"constant_value":"s3:x-amz-acl"}}],"effect":{"constant_value":"Allow"},"principals":[{"identifiers":{"constant_value":["delivery.logs.amazonaws.com"]},"type":{"constant_value":"Service"}}],"resources":{"references":["aws_s3_bucket.this[0].arn","aws_s3_bucket.this[0]","aws_s3_bucket.this"]},"sid":{"constant_value":"AWSLogDeliveryWrite"}},{"actions":{"constant_value":["s3:GetBucketAcl","s3:ListBucket"]},"effect":{"constant_value":"Allow"},"principals":[{"identifiers":{"constant_value":["delivery.logs.amazonaws.com"]},"type":{"constant_value":"Service"}}],"resources":{"references":["aws_s3_bucket.this[0].arn","aws_s3_bucket.this[0]","aws_s3_bucket.this"]},"sid":{"constant_value":"AWSLogDeliveryAclCheck"}}]},"schema_version":0,"count_expression":{"references":["local.create_bucket","var.attach_lb_log_delivery_policy"]}},{"address":"data.aws_iam_policy_document.require_latest_tls","mode":"data","type":"aws_iam_policy_document","name":"require_latest_tls","provider_config_key":"aws","expressions":{"statement":[{"actions":{"constant_value":["s3:*"]},"condition":[{"test":{"constant_value":"NumericLessThan"},"values":{"constant_value":["1.2"]},"variable":{"constant_value":"s3:TlsVersion"}}],"effect":{"constant_value":"Deny"},"principals":[{"identifiers":{"constant_value":["*"]},"type":{"constant_value":"*"}}],"resources":{"references":["aws_s3_bucket.this[0].arn","aws_s3_bucket.this[0]","aws_s3_bucket.this","aws_s3_bucket.this[0].arn","aws_s3_bucket.this[0]","aws_s3_bucket.this"]},"sid":{"constant_value":"denyOutdatedTLS"}}]},"schema_version":0,"count_expression":{"references":["local.create_bucket","var.attach_require_latest_tls_policy"]}},{"address":"data.aws_partition.current","mode":"data","type":"aws_partition","name":"current","provider_config_key":"aws","schema_version":0},{"address":"data.aws_region.current","mode":"data","type":"aws_region","name":"current","provider_config_key":"aws","schema_version":0}],"variables":{"acceleration_status":{"default":null,"description":"(Optional) Sets the accelerate configuration of an existing bucket. Can be Enabled or Suspended."},"access_log_delivery_policy_source_accounts":{"default":[],"description":"(Optional) List of AWS Account IDs should be allowed to deliver access logs to this bucket."},"access_log_delivery_policy_source_buckets":{"default":[],"description":"(Optional) List of S3 bucket ARNs wich should be allowed to deliver access logs to this bucket."},"acl":{"default":null,"description":"(Optional) The canned ACL to apply. Conflicts with `grant`"},"allowed_kms_key_arn":{"default":null,"description":"The ARN of KMS key which should be allowed in PutObject"},"analytics_configuration":{"default":{},"description":"Map containing bucket analytics configuration."},"analytics_self_source_destination":{"default":false,"description":"Whether or not the analytics source bucket is also the destination bucket."},"analytics_source_account_id":{"default":null,"description":"The analytics source account id."},"analytics_source_bucket_arn":{"default":null,"description":"The analytics source bucket ARN."},"attach_access_log_delivery_policy":{"default":false,"description":"Controls if S3 bucket should have S3 access log delivery policy attached"},"attach_analytics_destination_policy":{"default":false,"description":"Controls if S3 bucket should have bucket analytics destination policy attached."},"attach_deny_incorrect_encryption_headers":{"default":false,"description":"Controls if S3 bucket should deny incorrect encryption headers policy attached."},"attach_deny_incorrect_kms_key_sse":{"default":false,"description":"Controls if S3 bucket policy should deny usage of incorrect KMS key SSE."},"attach_deny_insecure_transport_policy":{"default":false,"description":"Controls if S3 bucket should have deny non-SSL transport policy attached"},"attach_deny_unencrypted_object_uploads":{"default":false,"description":"Controls if S3 bucket should deny unencrypted object uploads policy attached."},"attach_elb_log_delivery_policy":{"default":false,"description":"Controls if S3 bucket should have ELB log delivery policy attached"},"attach_inventory_destination_policy":{"default":false,"description":"Controls if S3 bucket should have bucket inventory destination policy attached."},"attach_lb_log_delivery_policy":{"default":false,"description":"Controls if S3 bucket should have ALB/NLB log delivery policy attached"},"attach_policy":{"default":false,"description":"Controls if S3 bucket should have bucket policy attached (set to `true` to use value of `policy` as bucket policy)"},"attach_public_policy":{"default":true,"description":"Controls if a user defined public bucket policy will be attached (set to `false` to allow upstream to apply defaults to the bucket)"},"attach_require_latest_tls_policy":{"default":false,"description":"Controls if S3 bucket should require the latest version of TLS"},"block_public_acls":{"default":true,"description":"Whether Amazon S3 should block public ACLs for this bucket."},"block_public_policy":{"default":true,"description":"Whether Amazon S3 should block public bucket policies for this bucket."},"bucket":{"default":null,"description":"(Optional, Forces new resource) The name of the bucket. If omitted, Terraform will assign a random, unique name."},"bucket_prefix":{"default":null,"description":"(Optional, Forces new resource) Creates a unique bucket name beginning with the specified prefix. Conflicts with bucket."},"control_object_ownership":{"default":false,"description":"Whether to manage S3 Bucket Ownership Controls on this bucket."},"cors_rule":{"default":[],"description":"List of maps containing rules for Cross-Origin Resource Sharing."},"create_bucket":{"default":true,"description":"Controls if S3 bucket should be created"},"expected_bucket_owner":{"default":null,"description":"The account ID of the expected bucket owner"},"force_destroy":{"default":false,"description":"(Optional, Default:false ) A boolean that indicates all objects should be deleted from the bucket so that the bucket can be destroyed without error. These objects are not recoverable."},"grant":{"default":[],"description":"An ACL policy grant. Conflicts with `acl`"},"ignore_public_acls":{"default":true,"description":"Whether Amazon S3 should ignore public ACLs for this bucket."},"intelligent_tiering":{"default":{},"description":"Map containing intelligent tiering configuration."},"inventory_configuration":{"default":{},"description":"Map containing S3 inventory configuration."},"inventory_self_source_destination":{"default":false,"description":"Whether or not the inventory source bucket is also the destination bucket."},"inventory_source_account_id":{"default":null,"description":"The inventory source account id."},"inventory_source_bucket_arn":{"default":null,"description":"The inventory source bucket ARN."},"lifecycle_rule":{"default":[],"description":"List of maps containing configuration of object lifecycle management."},"logging":{"default":{},"description":"Map containing access bucket logging configuration."},"metric_configuration":{"default":[],"description":"Map containing bucket metric configuration."},"object_lock_configuration":{"default":{},"description":"Map containing S3 object locking configuration."},"object_lock_enabled":{"default":false,"description":"Whether S3 bucket should have an Object Lock configuration enabled."},"object_ownership":{"default":"BucketOwnerEnforced","description":"Object ownership. Valid values: BucketOwnerEnforced, BucketOwnerPreferred or ObjectWriter. 'BucketOwnerEnforced': ACLs are disabled, and the bucket owner automatically owns and has full control over every object in the bucket. 'BucketOwnerPreferred': Objects uploaded to the bucket change ownership to the bucket owner if the objects are uploaded with the bucket-owner-full-control canned ACL. 'ObjectWriter': The uploading account will own the object if the object is uploaded with the bucket-owner-full-control canned ACL."},"owner":{"default":{},"description":"Bucket owner's display name and ID. Conflicts with `acl`"},"policy":{"default":null,"description":"(Optional) A valid bucket policy JSON document. Note that if the policy document is not specific enough (but still valid), Terraform may view the policy as constantly changing in a terraform plan. In this case, please make sure you use the verbose/specific version of the policy. For more information about building AWS IAM policy documents with Terraform, see the AWS IAM Policy Document Guide."},"putin_khuylo":{"default":true,"description":"Do you agree that Putin doesn't respect Ukrainian sovereignty and territorial integrity? More info: https://en.wikipedia.org/wiki/Putin_khuylo!"},"replication_configuration":{"default":{},"description":"Map containing cross-region replication configuration."},"request_payer":{"default":null,"description":"(Optional) Specifies who should bear the cost of Amazon S3 data transfer. Can be either BucketOwner or Requester. By default, the owner of the S3 bucket would incur the costs of any data transfer. See Requester Pays Buckets developer guide for more information."},"restrict_public_buckets":{"default":true,"description":"Whether Amazon S3 should restrict public bucket policies for this bucket."},"server_side_encryption_configuration":{"default":{},"description":"Map containing server-side encryption configuration."},"tags":{"default":{},"description":"(Optional) A mapping of tags to assign to the bucket."},"versioning":{"default":{},"description":"Map containing versioning configuration."},"website":{"default":{},"description":"Map containing static web-site hosting or redirect configuration."}}}},"mwaa":{"source":"git::https://github.com/aws-ia/terraform-aws-mwaa.git?ref=bdf9b0432d92b20b717c890e876b8f74d75cb274","expressions":{"airflow_configuration_options":{"constant_value":{"core.load_default_connections":"false","core.load_examples":"false","logging.logging_level":"INFO","webserver.dag_default_view":"tree","webserver.dag_orientation":"TB"}},"airflow_version":{"constant_value":"2.8.1"},"create_s3_bucket":{"constant_value":false},"dag_s3_path":{"constant_value":"dags"},"environment_class":{"constant_value":"mw1.small"},"iam_role_additional_policies":{"references":["aws_iam_policy.mwaa_policy.arn","aws_iam_policy.mwaa_policy"]},"logging_configuration":{"constant_value":{"dag_processing_logs":{"enabled":true,"log_level":"INFO"},"scheduler_logs":{"enabled":true,"log_level":"INFO"},"task_logs":{"enabled":true,"log_level":"INFO"},"webserver_logs":{"enabled":true,"log_level":"INFO"},"worker_logs":{"enabled":true,"log_level":"INFO"}}},"max_workers":{"constant_value":2},"min_workers":{"constant_value":1},"name":{"references":["local.mwaa_environment_name"]},"private_subnet_ids":{"references":["module.vpc.private_subnets","module.vpc"]},"source_bucket_arn":{"references":["module.mwaa_bucket.s3_bucket_arn","module.mwaa_bucket"]},"source_cidr":{"references":["local.vpc_cidr"]},"tags":{"references":["local.tags"]},"vpc_id":{"references":["module.vpc.vpc_id","module.vpc"]},"webserver_access_mode":{"constant_value":"PUBLIC_ONLY"}},"module":{"outputs":{"aws_s3_bucket_name":{"expression":{"references":["var.source_bucket_arn","aws_s3_bucket.mwaa[0].id","aws_s3_bucket.mwaa[0]","aws_s3_bucket.mwaa"]},"description":"S3 bucket Name of the MWAA Environment"},"mwaa_arn":{"expression":{"references":["aws_mwaa_environment.mwaa.arn","aws_mwaa_environment.mwaa"]},"description":"The ARN of the MWAA Environment"},"mwaa_role_arn":{"expression":{"references":["var.execution_role_arn","aws_iam_role.mwaa[0].arn","aws_iam_role.mwaa[0]","aws_iam_role.mwaa"]},"description":"IAM Role ARN of the MWAA Environment"},"mwaa_role_name":{"expression":{"references":["var.execution_role_arn","aws_iam_role.mwaa[0].id","aws_iam_role.mwaa[0]","aws_iam_role.mwaa"]},"description":"IAM role name of the MWAA Environment"},"mwaa_security_group_id":{"expression":{"references":["var.create_security_group","aws_security_group.mwaa[0].id","aws_security_group.mwaa[0]","aws_security_group.mwaa"]},"description":"Security group id of the MWAA Environment"},"mwaa_service_role_arn":{"expression":{"references":["aws_mwaa_environment.mwaa.service_role_arn","aws_mwaa_environment.mwaa"]},"description":"The Service Role ARN of the Amazon MWAA Environment"},"mwaa_status":{"expression":{"references":["aws_mwaa_environment.mwaa.status","aws_mwaa_environment.mwaa"]},"description":"The status of the Amazon MWAA Environment"},"mwaa_webserver_url":{"expression":{"references":["aws_mwaa_environment.mwaa.webserver_url","aws_mwaa_environment.mwaa"]},"description":"The webserver URL of the MWAA Environment"}},"resources":[{"address":"aws_iam_role.mwaa","mode":"managed","type":"aws_iam_role","name":"mwaa","provider_config_key":"aws","expressions":{"assume_role_policy":{"references":["data.aws_iam_policy_document.mwaa_assume.json","data.aws_iam_policy_document.mwaa_assume"]},"description":{"constant_value":"MWAA IAM Role"},"force_detach_policies":{"references":["var.force_detach_policies"]},"name":{"references":["var.iam_role_name","var.iam_role_name"]},"name_prefix":{"references":["var.iam_role_name"]},"path":{"references":["var.iam_role_path"]},"permissions_boundary":{"references":["var.iam_role_permissions_boundary"]},"tags":{"references":["var.tags"]}},"schema_version":0,"count_expression":{"references":["var.create_iam_role"]}},{"address":"aws_iam_role_policy.mwaa","mode":"managed","type":"aws_iam_role_policy","name":"mwaa","provider_config_key":"aws","expressions":{"name_prefix":{"constant_value":"mwaa-executor"},"policy":{"references":["data.aws_iam_policy_document.mwaa.json","data.aws_iam_policy_document.mwaa"]},"role":{"references":["aws_iam_role.mwaa[0].id","aws_iam_role.mwaa[0]","aws_iam_role.mwaa"]}},"schema_version":0,"count_expression":{"references":["var.create_iam_role"]}},{"address":"aws_iam_role_policy_attachment.mwaa","mode":"managed","type":"aws_iam_role_policy_attachment","name":"mwaa","provider_config_key":"aws","expressions":{"policy_arn":{"references":["each.value"]},"role":{"references":["aws_iam_role.mwaa[0].id","aws_iam_role.mwaa[0]","aws_iam_role.mwaa"]}},"schema_version":0,"for_each_expression":{"references":["local.iam_role_additional_policies"]}},{"address":"aws_mwaa_environment.mwaa","mode":"managed","type":"aws_mwaa_environment","name":"mwaa","provider_config_key":"aws","expressions":{"airflow_configuration_options":{"references":["local.airflow_configuration_options"]},"airflow_version":{"references":["var.airflow_version"]},"dag_s3_path":{"references":["var.dag_s3_path"]},"environment_class":{"references":["var.environment_class"]},"execution_role_arn":{"references":["local.execution_role_arn"]},"kms_key":{"references":["var.kms_key"]},"logging_configuration":[{"dag_processing_logs":[{"enabled":{"references":["var.logging_configuration.dag_processing_logs.enabled","var.logging_configuration.dag_processing_logs","var.logging_configuration"]},"log_level":{"references":["var.logging_configuration.dag_processing_logs.log_level","var.logging_configuration.dag_processing_logs","var.logging_configuration"]}}],"scheduler_logs":[{"enabled":{"references":["var.logging_configuration.scheduler_logs.enabled","var.logging_configuration.scheduler_logs","var.logging_configuration"]},"log_level":{"references":["var.logging_configuration.scheduler_logs.log_level","var.logging_configuration.scheduler_logs","var.logging_configuration"]}}],"task_logs":[{"enabled":{"references":["var.logging_configuration.task_logs.enabled","var.logging_configuration.task_logs","var.logging_configuration"]},"log_level":{"references":["var.logging_configuration.task_logs.log_level","var.logging_configuration.task_logs","var.logging_configuration"]}}],"webserver_logs":[{"enabled":{"references":["var.logging_configuration.webserver_logs.enabled","var.logging_configuration.webserver_logs","var.logging_configuration"]},"log_level":{"references":["var.logging_configuration.webserver_logs.log_level","var.logging_configuration.webserver_logs","var.logging_configuration"]}}],"worker_logs":[{"enabled":{"references":["var.logging_configuration.worker_logs.enabled","var.logging_configuration.worker_logs","var.logging_configuration"]},"log_level":{"references":["var.logging_configuration.worker_logs.log_level","var.logging_configuration.worker_logs","var.logging_configuration"]}}]}],"max_workers":{"references":["var.max_workers"]},"min_workers":{"references":["var.min_workers"]},"name":{"references":["var.name"]},"network_configuration":[{"security_group_ids":{"references":["local.security_group_ids"]},"subnet_ids":{"references":["var.private_subnet_ids"]}}],"plugins_s3_object_version":{"references":["var.plugins_s3_object_version"]},"plugins_s3_path":{"references":["var.plugins_s3_path"]},"requirements_s3_object_version":{"references":["var.requirements_s3_object_version"]},"requirements_s3_path":{"references":["var.requirements_s3_path"]},"schedulers":{"references":["var.schedulers"]},"source_bucket_arn":{"references":["local.source_bucket_arn"]},"startup_script_s3_object_version":{"references":["var.startup_script_s3_object_version"]},"startup_script_s3_path":{"references":["var.startup_script_s3_path"]},"tags":{"references":["var.tags"]},"webserver_access_mode":{"references":["var.webserver_access_mode"]},"weekly_maintenance_window_start":{"references":["var.weekly_maintenance_window_start"]}},"schema_version":0},{"address":"aws_s3_bucket.mwaa","mode":"managed","type":"aws_s3_bucket","name":"mwaa","provider_config_key":"aws","expressions":{"bucket_prefix":{"references":["var.source_bucket_name","var.source_bucket_name","data.aws_caller_identity.current.account_id","data.aws_caller_identity.current"]},"tags":{"references":["var.tags"]}},"schema_version":0,"count_expression":{"references":["var.create_s3_bucket"]}},{"address":"aws_s3_bucket_public_access_block.mwaa","mode":"managed","type":"aws_s3_bucket_public_access_block","name":"mwaa","provider_config_key":"aws","expressions":{"block_public_acls":{"constant_value":true},"block_public_policy":{"constant_value":true},"bucket":{"references":["aws_s3_bucket.mwaa[0].id","aws_s3_bucket.mwaa[0]","aws_s3_bucket.mwaa"]},"ignore_public_acls":{"constant_value":true},"restrict_public_buckets":{"constant_value":true}},"schema_version":0,"count_expression":{"references":["var.create_s3_bucket"]}},{"address":"aws_s3_bucket_server_side_encryption_configuration.mwaa","mode":"managed","type":"aws_s3_bucket_server_side_encryption_configuration","name":"mwaa","provider_config_key":"aws","expressions":{"bucket":{"references":["aws_s3_bucket.mwaa[0].id","aws_s3_bucket.mwaa[0]","aws_s3_bucket.mwaa"]},"rule":[{"apply_server_side_encryption_by_default":[{"sse_algorithm":{"constant_value":"AES256"}}]}]},"schema_version":0,"count_expression":{"references":["var.create_s3_bucket"]}},{"address":"aws_s3_bucket_versioning.mwaa","mode":"managed","type":"aws_s3_bucket_versioning","name":"mwaa","provider_config_key":"aws","expressions":{"bucket":{"references":["aws_s3_bucket.mwaa[0].id","aws_s3_bucket.mwaa[0]","aws_s3_bucket.mwaa"]},"versioning_configuration":[{"status":{"constant_value":"Enabled"}}]},"schema_version":0,"count_expression":{"references":["var.create_s3_bucket"]}},{"address":"aws_security_group.mwaa","mode":"managed","type":"aws_security_group","name":"mwaa","provider_config_key":"aws","expressions":{"description":{"constant_value":"Security group for MWAA environment"},"name_prefix":{"constant_value":"mwaa-"},"tags":{"references":["var.tags"]},"vpc_id":{"references":["var.vpc_id"]}},"schema_version":1,"count_expression":{"references":["var.create_security_group"]}},{"address":"aws_security_group_rule.mwaa_sg_inbound","mode":"managed","type":"aws_security_group_rule","name":"mwaa_sg_inbound","provider_config_key":"aws","expressions":{"description":{"constant_value":"Amazon MWAA inbound access"},"from_port":{"constant_value":0},"protocol":{"constant_value":"all"},"security_group_id":{"references":["aws_security_group.mwaa[0].id","aws_security_group.mwaa[0]","aws_security_group.mwaa"]},"source_security_group_id":{"references":["aws_security_group.mwaa[0].id","aws_security_group.mwaa[0]","aws_security_group.mwaa"]},"to_port":{"constant_value":0},"type":{"constant_value":"ingress"}},"schema_version":2,"count_expression":{"references":["var.create_security_group"]}},{"address":"aws_security_group_rule.mwaa_sg_inbound_vpn","mode":"managed","type":"aws_security_group_rule","name":"mwaa_sg_inbound_vpn","provider_config_key":"aws","expressions":{"cidr_blocks":{"references":["var.source_cidr"]},"description":{"constant_value":"VPN Access for Airflow UI"},"from_port":{"constant_value":443},"protocol":{"constant_value":"tcp"},"security_group_id":{"references":["aws_security_group.mwaa[0].id","aws_security_group.mwaa[0]","aws_security_group.mwaa"]},"to_port":{"constant_value":443},"type":{"constant_value":"ingress"}},"schema_version":2,"count_expression":{"references":["var.create_security_group","var.source_cidr"]}},{"address":"aws_security_group_rule.mwaa_sg_outbound","mode":"managed","type":"aws_security_group_rule","name":"mwaa_sg_outbound","provider_config_key":"aws","expressions":{"cidr_blocks":{"constant_value":["0.0.0.0/0"]},"description":{"constant_value":"Amazon MWAA outbound access"},"from_port":{"constant_value":0},"protocol":{"constant_value":"all"},"security_group_id":{"references":["aws_security_group.mwaa[0].id","aws_security_group.mwaa[0]","aws_security_group.mwaa"]},"to_port":{"constant_value":0},"type":{"constant_value":"egress"}},"schema_version":2,"count_expression":{"references":["var.create_security_group"]}},{"address":"data.aws_caller_identity.current","mode":"data","type":"aws_caller_identity","name":"current","provider_config_key":"aws","schema_version":0},{"address":"data.aws_iam_policy_document.mwaa","mode":"data","type":"aws_iam_policy_document","name":"mwaa","provider_config_key":"aws","expressions":{"statement":[{"actions":{"constant_value":["airflow:PublishMetrics","airflow:CreateWebLoginToken"]},"effect":{"constant_value":"Allow"},"resources":{"references":["data.aws_partition.current.id","data.aws_partition.current","data.aws_region.current.name","data.aws_region.current","data.aws_caller_identity.current.account_id","data.aws_caller_identity.current","var.name"]}},{"actions":{"constant_value":["s3:*"]},"effect":{"constant_value":"Allow"},"resources":{"references":["local.source_bucket_arn","local.source_bucket_arn"]}},{"actions":{"constant_value":["logs:CreateLogStream","logs:CreateLogGroup","logs:PutLogEvents","logs:GetLogEvents","logs:GetLogRecord","logs:GetLogGroupFields","logs:GetQueryResults"]},"effect":{"constant_value":"Allow"},"resources":{"references":["data.aws_partition.current.id","data.aws_partition.current","data.aws_region.current.name","data.aws_region.current","data.aws_caller_identity.current.account_id","data.aws_caller_identity.current","var.name"]}},{"actions":{"constant_value":["logs:DescribeLogGroups","cloudwatch:PutMetricData","batch:DescribeJobs","batch:ListJobs","eks:*"]},"effect":{"constant_value":"Allow"},"resources":{"constant_value":["*"]}},{"actions":{"constant_value":["sqs:ChangeMessageVisibility","sqs:DeleteMessage","sqs:GetQueueAttributes","sqs:GetQueueUrl","sqs:ReceiveMessage","sqs:SendMessage"]},"effect":{"constant_value":"Allow"},"resources":{"references":["data.aws_partition.current.id","data.aws_partition.current","data.aws_region.current.name","data.aws_region.current"]}},{"actions":{"constant_value":["batch:*"]},"effect":{"constant_value":"Allow"},"resources":{"references":["data.aws_partition.current.id","data.aws_partition.current","data.aws_caller_identity.current.account_id","data.aws_caller_identity.current"]}},{"actions":{"constant_value":["ssm:*"]},"effect":{"constant_value":"Allow"},"resources":{"references":["data.aws_partition.current.id","data.aws_partition.current","data.aws_region.current.name","data.aws_region.current","data.aws_caller_identity.current.account_id","data.aws_caller_identity.current"]}},{"actions":{"constant_value":["logs:*"]},"effect":{"constant_value":"Allow"},"resources":{"references":["data.aws_partition.current.id","data.aws_partition.current","data.aws_region.current.name","data.aws_region.current","data.aws_caller_identity.current.account_id","data.aws_caller_identity.current"]}},{"actions":{"constant_value":["cloudwatch:*"]},"effect":{"constant_value":"Allow"},"resources":{"references":["data.aws_partition.current.id","data.aws_partition.current","data.aws_region.current.name","data.aws_region.current","data.aws_caller_identity.current.account_id","data.aws_caller_identity.current"]}}]},"schema_version":0},{"address":"data.aws_iam_policy_document.mwaa_assume","mode":"data","type":"aws_iam_policy_document","name":"mwaa_assume","provider_config_key":"aws","expressions":{"statement":[{"actions":{"constant_value":["sts:AssumeRole"]},"principals":[{"identifiers":{"constant_value":["airflow.amazonaws.com"]},"type":{"constant_value":"Service"}},{"identifiers":{"constant_value":["airflow-env.amazonaws.com"]},"type":{"constant_value":"Service"}},{"identifiers":{"constant_value":["batch.amazonaws.com"]},"type":{"constant_value":"Service"}},{"identifiers":{"constant_value":["ssm.amazonaws.com"]},"type":{"constant_value":"Service"}},{"identifiers":{"constant_value":["lambda.amazonaws.com"]},"type":{"constant_value":"Service"}},{"identifiers":{"constant_value":["s3.amazonaws.com"]},"type":{"constant_value":"Service"}}]}]},"schema_version":0},{"address":"data.aws_partition.current","mode":"data","type":"aws_partition","name":"current","provider_config_key":"aws","schema_version":0},{"address":"data.aws_region.current","mode":"data","type":"aws_region","name":"current","provider_config_key":"aws","schema_version":0}],"variables":{"airflow_configuration_options":{"default":null,"description":"(Optional) The airflow_configuration_options parameter specifies airflow override options."},"airflow_version":{"default":null,"description":"(Optional) Airflow version of your environment, will be set by default to the latest version that MWAA supports."},"create_iam_role":{"default":true,"description":"Create IAM role for MWAA"},"create_s3_bucket":{"default":"true","description":"Create new S3 bucket for MWAA. "},"create_security_group":{"default":true,"description":"Create security group for MWAA"},"dag_s3_path":{"default":"dags","description":"(Required) The relative path to the DAG folder on your Amazon S3 storage bucket. For example, dags."},"environment_class":{"default":"mw1.small","description":"(Optional) Environment class for the cluster. Possible options are mw1.small, mw1.medium, mw1.large.\nWill be set by default to mw1.small. Please check the AWS Pricing for more information about the environment classes.\n"},"execution_role_arn":{"default":null,"description":"(Required) The Amazon Resource Name (ARN) of the task execution role that the Amazon MWAA and its environment can assume\nMandatory if `create_iam_role=false`\n"},"force_detach_policies":{"default":false,"description":"IAM role Force detach policies"},"iam_role_additional_policies":{"default":{},"description":"Additional policies to be added to the IAM role"},"iam_role_name":{"default":null,"description":"IAM Role Name to be created if execution_role_arn is null"},"iam_role_path":{"default":"/","description":"IAM role path"},"iam_role_permissions_boundary":{"default":null,"description":"IAM role Permission boundary"},"kms_key":{"default":null,"description":"(Optional) The Amazon Resource Name (ARN) of your KMS key that you want to use for encryption.\nWill be set to the ARN of the managed KMS key aws/airflow by default.\n"},"logging_configuration":{"default":null,"description":"(Optional) The Apache Airflow logs which will be send to Amazon CloudWatch Logs."},"max_workers":{"default":10,"description":"(Optional) The maximum number of workers that can be automatically scaled up.\nValue need to be between 1 and 25. Will be 10 by default\n"},"min_workers":{"default":1,"description":"(Optional) The minimum number of workers that you want to run in your environment. Will be 1 by default."},"name":{"description":"(Required) The name of the Apache Airflow MWAA Environment"},"plugins_s3_object_version":{"default":null,"description":"(Optional) The plugins.zip file version you want to use."},"plugins_s3_path":{"default":null,"description":"(Optional) The relative path to the plugins.zip file on your Amazon S3 storage bucket. For example, plugins.zip. If a relative path is provided in the request, then plugins_s3_object_version is required."},"private_subnet_ids":{"description":"(Required) The private subnet IDs in which the environment should be created.\nMWAA requires two subnets.\n"},"requirements_s3_object_version":{"default":null,"description":"(Optional) The requirements.txt file version you want to use."},"requirements_s3_path":{"default":null,"description":"(Optional) The relative path to the requirements.txt file on your Amazon S3 storage bucket. For example, requirements.txt. If a relative path is provided in the request, then requirements_s3_object_version is required."},"schedulers":{"default":null,"description":"(Optional) The number of schedulers that you want to run in your environment."},"security_group_ids":{"default":[],"description":"Security group IDs for MWAA"},"source_bucket_arn":{"default":null,"description":"(Required) The Amazon Resource Name (ARN) of your Amazon S3 storage bucket. For example, arn:aws:s3:::airflow-mybucketname"},"source_bucket_name":{"default":null,"description":"New bucket will be created with the given name for MWAA when create_s3_bucket=true\n"},"source_cidr":{"default":[],"description":"(Required) Source CIDR block which will be allowed on MWAA SG to access Airflow UI\nUsed only if `create_security_group=true`\n"},"startup_script_s3_object_version":{"default":null,"description":"(Optional) The version of the startup shell script you want to use. You must specify the version ID that Amazon S3 assigns to the file every time you update the script."},"startup_script_s3_path":{"default":null,"description":"(Optional) The relative path to the script hosted in your bucket. The script runs as your environment starts before starting the Apache Airflow process. Use this script to install dependencies, modify configuration options, and set environment variables."},"tags":{"default":{},"description":"(Optional) A map of resource tags to associate with the resource"},"vpc_id":{"default":"","description":"(Required) VPC ID to deploy the MWAA Environment.\nMandatory if `create_security_group=true`\n"},"webserver_access_mode":{"default":"PRIVATE_ONLY","description":"(Optional) Specifies whether the webserver should be accessible over the internet or via your specified VPC. Possible options: PRIVATE_ONLY (default) and PUBLIC_ONLY"},"weekly_maintenance_window_start":{"default":null,"description":"(Optional) Specifies the start date for the weekly maintenance window"}}}},"mwaa_bucket":{"source":"git::https://github.com/terraform-aws-modules/terraform-aws-s3-bucket.git?ref=3a1c80b29fdf8fc682d2749456ec36ecbaf4ce14","expressions":{"acl":{"constant_value":"private"},"bucket":{"references":["local.mwaa_bucket_name"]},"control_object_ownership":{"constant_value":true},"force_destroy":{"constant_value":true},"object_ownership":{"constant_value":"BucketOwnerPreferred"},"server_side_encryption_configuration":{"constant_value":{"rule":{"apply_server_side_encryption_by_default":{"sse_algorithm":"AES256"}}}},"tags":{"references":["local.tags"]},"versioning":{"constant_value":{"enabled":true}}},"module":{"outputs":{"s3_bucket_arn":{"expression":{"references":["aws_s3_bucket.this[0].arn","aws_s3_bucket.this[0]","aws_s3_bucket.this"]},"description":"The ARN of the bucket. Will be of format arn:aws:s3:::bucketname."},"s3_bucket_bucket_domain_name":{"expression":{"references":["aws_s3_bucket.this[0].bucket_domain_name","aws_s3_bucket.this[0]","aws_s3_bucket.this"]},"description":"The bucket domain name. Will be of format bucketname.s3.amazonaws.com."},"s3_bucket_bucket_regional_domain_name":{"expression":{"references":["aws_s3_bucket.this[0].bucket_regional_domain_name","aws_s3_bucket.this[0]","aws_s3_bucket.this"]},"description":"The bucket region-specific domain name. The bucket domain name including the region name, please refer here for format. Note: The AWS CloudFront allows specifying S3 region-specific endpoint when creating S3 origin, it will prevent redirect issues from CloudFront to S3 Origin URL."},"s3_bucket_hosted_zone_id":{"expression":{"references":["aws_s3_bucket.this[0].hosted_zone_id","aws_s3_bucket.this[0]","aws_s3_bucket.this"]},"description":"The Route 53 Hosted Zone ID for this bucket's region."},"s3_bucket_id":{"expression":{"references":["aws_s3_bucket_policy.this[0].id","aws_s3_bucket_policy.this[0]","aws_s3_bucket_policy.this","aws_s3_bucket.this[0].id","aws_s3_bucket.this[0]","aws_s3_bucket.this"]},"description":"The name of the bucket."},"s3_bucket_lifecycle_configuration_rules":{"expression":{"references":["aws_s3_bucket_lifecycle_configuration.this[0].rule","aws_s3_bucket_lifecycle_configuration.this[0]","aws_s3_bucket_lifecycle_configuration.this"]},"description":"The lifecycle rules of the bucket, if the bucket is configured with lifecycle rules. If not, this will be an empty string."},"s3_bucket_policy":{"expression":{"references":["aws_s3_bucket_policy.this[0].policy","aws_s3_bucket_policy.this[0]","aws_s3_bucket_policy.this"]},"description":"The policy of the bucket, if the bucket is configured with a policy. If not, this will be an empty string."},"s3_bucket_region":{"expression":{"references":["aws_s3_bucket.this[0].region","aws_s3_bucket.this[0]","aws_s3_bucket.this"]},"description":"The AWS region this bucket resides in."},"s3_bucket_website_domain":{"expression":{"references":["aws_s3_bucket_website_configuration.this[0].website_domain","aws_s3_bucket_website_configuration.this[0]","aws_s3_bucket_website_configuration.this"]},"description":"The domain of the website endpoint, if the bucket is configured with a website. If not, this will be an empty string. This is used to create Route 53 alias records."},"s3_bucket_website_endpoint":{"expression":{"references":["aws_s3_bucket_website_configuration.this[0].website_endpoint","aws_s3_bucket_website_configuration.this[0]","aws_s3_bucket_website_configuration.this"]},"description":"The website endpoint, if the bucket is configured with a website. If not, this will be an empty string."}},"resources":[{"address":"aws_s3_bucket.this","mode":"managed","type":"aws_s3_bucket","name":"this","provider_config_key":"aws","expressions":{"bucket":{"references":["var.bucket"]},"bucket_prefix":{"references":["var.bucket_prefix"]},"force_destroy":{"references":["var.force_destroy"]},"object_lock_enabled":{"references":["var.object_lock_enabled"]},"tags":{"references":["var.tags"]}},"schema_version":0,"count_expression":{"references":["local.create_bucket"]}},{"address":"aws_s3_bucket_accelerate_configuration.this","mode":"managed","type":"aws_s3_bucket_accelerate_configuration","name":"this","provider_config_key":"aws","expressions":{"bucket":{"references":["aws_s3_bucket.this[0].id","aws_s3_bucket.this[0]","aws_s3_bucket.this"]},"expected_bucket_owner":{"references":["var.expected_bucket_owner"]},"status":{"references":["var.acceleration_status"]}},"schema_version":0,"count_expression":{"references":["local.create_bucket","var.acceleration_status"]}},{"address":"aws_s3_bucket_acl.this","mode":"managed","type":"aws_s3_bucket_acl","name":"this","provider_config_key":"aws","expressions":{"acl":{"references":["var.acl","var.acl"]},"bucket":{"references":["aws_s3_bucket.this[0].id","aws_s3_bucket.this[0]","aws_s3_bucket.this"]},"expected_bucket_owner":{"references":["var.expected_bucket_owner"]}},"schema_version":0,"count_expression":{"references":["local.create_bucket","local.create_bucket_acl"]},"depends_on":["aws_s3_bucket_ownership_controls.this"]},{"address":"aws_s3_bucket_analytics_configuration.this","mode":"managed","type":"aws_s3_bucket_analytics_configuration","name":"this","provider_config_key":"aws","expressions":{"bucket":{"references":["aws_s3_bucket.this[0].id","aws_s3_bucket.this[0]","aws_s3_bucket.this"]},"name":{"references":["each.key"]}},"schema_version":0,"for_each_expression":{"references":["var.analytics_configuration","local.create_bucket"]}},{"address":"aws_s3_bucket_cors_configuration.this","mode":"managed","type":"aws_s3_bucket_cors_configuration","name":"this","provider_config_key":"aws","expressions":{"bucket":{"references":["aws_s3_bucket.this[0].id","aws_s3_bucket.this[0]","aws_s3_bucket.this"]},"expected_bucket_owner":{"references":["var.expected_bucket_owner"]}},"schema_version":0,"count_expression":{"references":["local.create_bucket","local.cors_rules"]}},{"address":"aws_s3_bucket_intelligent_tiering_configuration.this","mode":"managed","type":"aws_s3_bucket_intelligent_tiering_configuration","name":"this","provider_config_key":"aws","expressions":{"bucket":{"references":["aws_s3_bucket.this[0].id","aws_s3_bucket.this[0]","aws_s3_bucket.this"]},"name":{"references":["each.key"]},"status":{"references":["each.value.status","each.value","each.value.status","each.value"]}},"schema_version":0,"for_each_expression":{"references":["local.intelligent_tiering","local.create_bucket"]}},{"address":"aws_s3_bucket_inventory.this","mode":"managed","type":"aws_s3_bucket_inventory","name":"this","provider_config_key":"aws","expressions":{"bucket":{"references":["each.value.bucket","each.value","aws_s3_bucket.this[0].id","aws_s3_bucket.this[0]","aws_s3_bucket.this"]},"destination":[{"bucket":[{"account_id":{"references":["each.value.destination.account_id","each.value.destination","each.value"]},"bucket_arn":{"references":["each.value.destination.bucket_arn","each.value.destination","each.value","aws_s3_bucket.this[0].arn","aws_s3_bucket.this[0]","aws_s3_bucket.this"]},"format":{"references":["each.value.destination.format","each.value.destination","each.value"]},"prefix":{"references":["each.value.destination.prefix","each.value.destination","each.value"]}}]}],"enabled":{"references":["each.value.enabled","each.value"]},"included_object_versions":{"references":["each.value.included_object_versions","each.value"]},"name":{"references":["each.key"]},"optional_fields":{"references":["each.value.optional_fields","each.value"]},"schedule":[{"frequency":{"references":["each.value.frequency","each.value"]}}]},"schema_version":0,"for_each_expression":{"references":["var.inventory_configuration","local.create_bucket"]}},{"address":"aws_s3_bucket_lifecycle_configuration.this","mode":"managed","type":"aws_s3_bucket_lifecycle_configuration","name":"this","provider_config_key":"aws","expressions":{"bucket":{"references":["aws_s3_bucket.this[0].id","aws_s3_bucket.this[0]","aws_s3_bucket.this"]},"expected_bucket_owner":{"references":["var.expected_bucket_owner"]}},"schema_version":1,"count_expression":{"references":["local.create_bucket","local.lifecycle_rules"]},"depends_on":["aws_s3_bucket_versioning.this"]},{"address":"aws_s3_bucket_logging.this","mode":"managed","type":"aws_s3_bucket_logging","name":"this","provider_config_key":"aws","expressions":{"bucket":{"references":["aws_s3_bucket.this[0].id","aws_s3_bucket.this[0]","aws_s3_bucket.this"]},"target_bucket":{"references":["var.logging[\"target_bucket\"]","var.logging"]},"target_prefix":{"references":["var.logging[\"target_prefix\"]","var.logging"]}},"schema_version":0,"count_expression":{"references":["local.create_bucket","var.logging"]}},{"address":"aws_s3_bucket_metric.this","mode":"managed","type":"aws_s3_bucket_metric","name":"this","provider_config_key":"aws","expressions":{"bucket":{"references":["aws_s3_bucket.this[0].id","aws_s3_bucket.this[0]","aws_s3_bucket.this"]},"name":{"references":["each.value.name","each.value"]}},"schema_version":0,"for_each_expression":{"references":["local.metric_configuration","local.create_bucket"]}},{"address":"aws_s3_bucket_object_lock_configuration.this","mode":"managed","type":"aws_s3_bucket_object_lock_configuration","name":"this","provider_config_key":"aws","expressions":{"bucket":{"references":["aws_s3_bucket.this[0].id","aws_s3_bucket.this[0]","aws_s3_bucket.this"]},"expected_bucket_owner":{"references":["var.expected_bucket_owner"]},"rule":[{"default_retention":[{"days":{"references":["var.object_lock_configuration.rule.default_retention.days","var.object_lock_configuration.rule.default_retention","var.object_lock_configuration.rule","var.object_lock_configuration"]},"mode":{"references":["var.object_lock_configuration.rule.default_retention.mode","var.object_lock_configuration.rule.default_retention","var.object_lock_configuration.rule","var.object_lock_configuration"]},"years":{"references":["var.object_lock_configuration.rule.default_retention.years","var.object_lock_configuration.rule.default_retention","var.object_lock_configuration.rule","var.object_lock_configuration"]}}]}],"token":{"references":["var.object_lock_configuration.token","var.object_lock_configuration"]}},"schema_version":0,"count_expression":{"references":["local.create_bucket","var.object_lock_enabled","var.object_lock_configuration.rule.default_retention","var.object_lock_configuration.rule","var.object_lock_configuration"]}},{"address":"aws_s3_bucket_ownership_controls.this","mode":"managed","type":"aws_s3_bucket_ownership_controls","name":"this","provider_config_key":"aws","expressions":{"bucket":{"references":["local.attach_policy","aws_s3_bucket_policy.this[0].id","aws_s3_bucket_policy.this[0]","aws_s3_bucket_policy.this","aws_s3_bucket.this[0].id","aws_s3_bucket.this[0]","aws_s3_bucket.this"]},"rule":[{"object_ownership":{"references":["var.object_ownership"]}}]},"schema_version":0,"count_expression":{"references":["local.create_bucket","var.control_object_ownership"]},"depends_on":["aws_s3_bucket_policy.this","aws_s3_bucket_public_access_block.this","aws_s3_bucket.this"]},{"address":"aws_s3_bucket_policy.this","mode":"managed","type":"aws_s3_bucket_policy","name":"this","provider_config_key":"aws","expressions":{"bucket":{"references":["aws_s3_bucket.this[0].id","aws_s3_bucket.this[0]","aws_s3_bucket.this"]},"policy":{"references":["data.aws_iam_policy_document.combined[0].json","data.aws_iam_policy_document.combined[0]","data.aws_iam_policy_document.combined"]}},"schema_version":0,"count_expression":{"references":["local.create_bucket","local.attach_policy"]},"depends_on":["aws_s3_bucket_public_access_block.this"]},{"address":"aws_s3_bucket_public_access_block.this","mode":"managed","type":"aws_s3_bucket_public_access_block","name":"this","provider_config_key":"aws","expressions":{"block_public_acls":{"references":["var.block_public_acls"]},"block_public_policy":{"references":["var.block_public_policy"]},"bucket":{"references":["aws_s3_bucket.this[0].id","aws_s3_bucket.this[0]","aws_s3_bucket.this"]},"ignore_public_acls":{"references":["var.ignore_public_acls"]},"restrict_public_buckets":{"references":["var.restrict_public_buckets"]}},"schema_version":0,"count_expression":{"references":["local.create_bucket","var.attach_public_policy"]}},{"address":"aws_s3_bucket_replication_configuration.this","mode":"managed","type":"aws_s3_bucket_replication_configuration","name":"this","provider_config_key":"aws","expressions":{"bucket":{"references":["aws_s3_bucket.this[0].id","aws_s3_bucket.this[0]","aws_s3_bucket.this"]},"role":{"references":["var.replication_configuration[\"role\"]","var.replication_configuration"]}},"schema_version":0,"count_expression":{"references":["local.create_bucket","var.replication_configuration"]},"depends_on":["aws_s3_bucket_versioning.this"]},{"address":"aws_s3_bucket_request_payment_configuration.this","mode":"managed","type":"aws_s3_bucket_request_payment_configuration","name":"this","provider_config_key":"aws","expressions":{"bucket":{"references":["aws_s3_bucket.this[0].id","aws_s3_bucket.this[0]","aws_s3_bucket.this"]},"expected_bucket_owner":{"references":["var.expected_bucket_owner"]},"payer":{"references":["var.request_payer"]}},"schema_version":0,"count_expression":{"references":["local.create_bucket","var.request_payer"]}},{"address":"aws_s3_bucket_server_side_encryption_configuration.this","mode":"managed","type":"aws_s3_bucket_server_side_encryption_configuration","name":"this","provider_config_key":"aws","expressions":{"bucket":{"references":["aws_s3_bucket.this[0].id","aws_s3_bucket.this[0]","aws_s3_bucket.this"]},"expected_bucket_owner":{"references":["var.expected_bucket_owner"]}},"schema_version":0,"count_expression":{"references":["local.create_bucket","var.server_side_encryption_configuration"]}},{"address":"aws_s3_bucket_versioning.this","mode":"managed","type":"aws_s3_bucket_versioning","name":"this","provider_config_key":"aws","expressions":{"bucket":{"references":["aws_s3_bucket.this[0].id","aws_s3_bucket.this[0]","aws_s3_bucket.this"]},"expected_bucket_owner":{"references":["var.expected_bucket_owner"]},"mfa":{"references":["var.versioning[\"mfa\"]","var.versioning"]},"versioning_configuration":[{"mfa_delete":{"references":["var.versioning[\"mfa_delete\"]","var.versioning","var.versioning[\"mfa_delete\"]","var.versioning"]},"status":{"references":["var.versioning[\"enabled\"]","var.versioning","var.versioning[\"status\"]","var.versioning","var.versioning[\"status\"]","var.versioning"]}}]},"schema_version":0,"count_expression":{"references":["local.create_bucket","var.versioning"]}},{"address":"aws_s3_bucket_website_configuration.this","mode":"managed","type":"aws_s3_bucket_website_configuration","name":"this","provider_config_key":"aws","expressions":{"bucket":{"references":["aws_s3_bucket.this[0].id","aws_s3_bucket.this[0]","aws_s3_bucket.this"]},"expected_bucket_owner":{"references":["var.expected_bucket_owner"]}},"schema_version":0,"count_expression":{"references":["local.create_bucket","var.website"]}},{"address":"data.aws_caller_identity.current","mode":"data","type":"aws_caller_identity","name":"current","provider_config_key":"aws","schema_version":0},{"address":"data.aws_canonical_user_id.this","mode":"data","type":"aws_canonical_user_id","name":"this","provider_config_key":"aws","schema_version":0,"count_expression":{"references":["local.create_bucket","local.create_bucket_acl","var.owner[\"id\"]","var.owner"]}},{"address":"data.aws_iam_policy_document.access_log_delivery","mode":"data","type":"aws_iam_policy_document","name":"access_log_delivery","provider_config_key":"aws","expressions":{"statement":[{"actions":{"constant_value":["s3:PutObject"]},"effect":{"constant_value":"Allow"},"principals":[{"identifiers":{"constant_value":["logging.s3.amazonaws.com"]},"type":{"constant_value":"Service"}}],"resources":{"references":["aws_s3_bucket.this[0].arn","aws_s3_bucket.this[0]","aws_s3_bucket.this"]},"sid":{"constant_value":"AWSAccessLogDeliveryWrite"}},{"actions":{"constant_value":["s3:GetBucketAcl"]},"effect":{"constant_value":"Allow"},"principals":[{"identifiers":{"constant_value":["logging.s3.amazonaws.com"]},"type":{"constant_value":"Service"}}],"resources":{"references":["aws_s3_bucket.this[0].arn","aws_s3_bucket.this[0]","aws_s3_bucket.this"]},"sid":{"constant_value":"AWSAccessLogDeliveryAclCheck"}}]},"schema_version":0,"count_expression":{"references":["local.create_bucket","var.attach_access_log_delivery_policy"]}},{"address":"data.aws_iam_policy_document.combined","mode":"data","type":"aws_iam_policy_document","name":"combined","provider_config_key":"aws","expressions":{"source_policy_documents":{"references":["var.attach_elb_log_delivery_policy","data.aws_iam_policy_document.elb_log_delivery[0].json","data.aws_iam_policy_document.elb_log_delivery[0]","data.aws_iam_policy_document.elb_log_delivery","var.attach_lb_log_delivery_policy","data.aws_iam_policy_document.lb_log_delivery[0].json","data.aws_iam_policy_document.lb_log_delivery[0]","data.aws_iam_policy_document.lb_log_delivery","var.attach_access_log_delivery_policy","data.aws_iam_policy_document.access_log_delivery[0].json","data.aws_iam_policy_document.access_log_delivery[0]","data.aws_iam_policy_document.access_log_delivery","var.attach_require_latest_tls_policy","data.aws_iam_policy_document.require_latest_tls[0].json","data.aws_iam_policy_document.require_latest_tls[0]","data.aws_iam_policy_document.require_latest_tls","var.attach_deny_insecure_transport_policy","data.aws_iam_policy_document.deny_insecure_transport[0].json","data.aws_iam_policy_document.deny_insecure_transport[0]","data.aws_iam_policy_document.deny_insecure_transport","var.attach_deny_unencrypted_object_uploads","data.aws_iam_policy_document.deny_unencrypted_object_uploads[0].json","data.aws_iam_policy_document.deny_unencrypted_object_uploads[0]","data.aws_iam_policy_document.deny_unencrypted_object_uploads","var.attach_deny_incorrect_kms_key_sse","data.aws_iam_policy_document.deny_incorrect_kms_key_sse[0].json","data.aws_iam_policy_document.deny_incorrect_kms_key_sse[0]","data.aws_iam_policy_document.deny_incorrect_kms_key_sse","var.attach_deny_incorrect_encryption_headers","data.aws_iam_policy_document.deny_incorrect_encryption_headers[0].json","data.aws_iam_policy_document.deny_incorrect_encryption_headers[0]","data.aws_iam_policy_document.deny_incorrect_encryption_headers","var.attach_inventory_destination_policy","var.attach_analytics_destination_policy","data.aws_iam_policy_document.inventory_and_analytics_destination_policy[0].json","data.aws_iam_policy_document.inventory_and_analytics_destination_policy[0]","data.aws_iam_policy_document.inventory_and_analytics_destination_policy","var.attach_policy","var.policy"]}},"schema_version":0,"count_expression":{"references":["local.create_bucket","local.attach_policy"]}},{"address":"data.aws_iam_policy_document.deny_incorrect_encryption_headers","mode":"data","type":"aws_iam_policy_document","name":"deny_incorrect_encryption_headers","provider_config_key":"aws","expressions":{"statement":[{"actions":{"constant_value":["s3:PutObject"]},"condition":[{"test":{"constant_value":"StringNotEquals"},"values":{"references":["var.server_side_encryption_configuration.rule.apply_server_side_encryption_by_default.sse_algorithm","var.server_side_encryption_configuration.rule.apply_server_side_encryption_by_default","var.server_side_encryption_configuration.rule","var.server_side_encryption_configuration"]},"variable":{"constant_value":"s3:x-amz-server-side-encryption"}}],"effect":{"constant_value":"Deny"},"principals":[{"identifiers":{"constant_value":["*"]},"type":{"constant_value":"*"}}],"resources":{"references":["aws_s3_bucket.this[0].arn","aws_s3_bucket.this[0]","aws_s3_bucket.this"]},"sid":{"constant_value":"denyIncorrectEncryptionHeaders"}}]},"schema_version":0,"count_expression":{"references":["local.create_bucket","var.attach_deny_incorrect_encryption_headers"]}},{"address":"data.aws_iam_policy_document.deny_incorrect_kms_key_sse","mode":"data","type":"aws_iam_policy_document","name":"deny_incorrect_kms_key_sse","provider_config_key":"aws","expressions":{"statement":[{"actions":{"constant_value":["s3:PutObject"]},"condition":[{"test":{"constant_value":"StringNotEquals"},"values":{"references":["var.allowed_kms_key_arn"]},"variable":{"constant_value":"s3:x-amz-server-side-encryption-aws-kms-key-id"}}],"effect":{"constant_value":"Deny"},"principals":[{"identifiers":{"constant_value":["*"]},"type":{"constant_value":"*"}}],"resources":{"references":["aws_s3_bucket.this[0].arn","aws_s3_bucket.this[0]","aws_s3_bucket.this"]},"sid":{"constant_value":"denyIncorrectKmsKeySse"}}]},"schema_version":0,"count_expression":{"references":["local.create_bucket","var.attach_deny_incorrect_kms_key_sse"]}},{"address":"data.aws_iam_policy_document.deny_insecure_transport","mode":"data","type":"aws_iam_policy_document","name":"deny_insecure_transport","provider_config_key":"aws","expressions":{"statement":[{"actions":{"constant_value":["s3:*"]},"condition":[{"test":{"constant_value":"Bool"},"values":{"constant_value":["false"]},"variable":{"constant_value":"aws:SecureTransport"}}],"effect":{"constant_value":"Deny"},"principals":[{"identifiers":{"constant_value":["*"]},"type":{"constant_value":"*"}}],"resources":{"references":["aws_s3_bucket.this[0].arn","aws_s3_bucket.this[0]","aws_s3_bucket.this","aws_s3_bucket.this[0].arn","aws_s3_bucket.this[0]","aws_s3_bucket.this"]},"sid":{"constant_value":"denyInsecureTransport"}}]},"schema_version":0,"count_expression":{"references":["local.create_bucket","var.attach_deny_insecure_transport_policy"]}},{"address":"data.aws_iam_policy_document.deny_unencrypted_object_uploads","mode":"data","type":"aws_iam_policy_document","name":"deny_unencrypted_object_uploads","provider_config_key":"aws","expressions":{"statement":[{"actions":{"constant_value":["s3:PutObject"]},"condition":[{"test":{"constant_value":"Null"},"values":{"constant_value":[true]},"variable":{"constant_value":"s3:x-amz-server-side-encryption"}}],"effect":{"constant_value":"Deny"},"principals":[{"identifiers":{"constant_value":["*"]},"type":{"constant_value":"*"}}],"resources":{"references":["aws_s3_bucket.this[0].arn","aws_s3_bucket.this[0]","aws_s3_bucket.this"]},"sid":{"constant_value":"denyUnencryptedObjectUploads"}}]},"schema_version":0,"count_expression":{"references":["local.create_bucket","var.attach_deny_unencrypted_object_uploads"]}},{"address":"data.aws_iam_policy_document.elb_log_delivery","mode":"data","type":"aws_iam_policy_document","name":"elb_log_delivery","provider_config_key":"aws","expressions":{"statement":[{"actions":{"constant_value":["s3:PutObject"]},"effect":{"constant_value":"Allow"},"principals":[{"identifiers":{"constant_value":["logdelivery.elasticloadbalancing.amazonaws.com"]},"type":{"constant_value":"Service"}}],"resources":{"references":["aws_s3_bucket.this[0].arn","aws_s3_bucket.this[0]","aws_s3_bucket.this"]},"sid":{"constant_value":""}}]},"schema_version":0,"count_expression":{"references":["local.create_bucket","var.attach_elb_log_delivery_policy"]}},{"address":"data.aws_iam_policy_document.inventory_and_analytics_destination_policy","mode":"data","type":"aws_iam_policy_document","name":"inventory_and_analytics_destination_policy","provider_config_key":"aws","expressions":{"statement":[{"actions":{"constant_value":["s3:PutObject"]},"condition":[{"test":{"constant_value":"ArnLike"},"values":{"references":["var.inventory_self_source_destination","aws_s3_bucket.this[0].arn","aws_s3_bucket.this[0]","aws_s3_bucket.this","var.inventory_source_bucket_arn","var.analytics_self_source_destination","aws_s3_bucket.this[0].arn","aws_s3_bucket.this[0]","aws_s3_bucket.this","var.analytics_source_bucket_arn"]},"variable":{"constant_value":"aws:SourceArn"}},{"test":{"constant_value":"StringEquals"},"values":{"references":["var.inventory_self_source_destination","data.aws_caller_identity.current.id","data.aws_caller_identity.current","var.inventory_source_account_id","var.analytics_self_source_destination","data.aws_caller_identity.current.id","data.aws_caller_identity.current","var.analytics_source_account_id"]},"variable":{"constant_value":"aws:SourceAccount"}},{"test":{"constant_value":"StringEquals"},"values":{"constant_value":["bucket-owner-full-control"]},"variable":{"constant_value":"s3:x-amz-acl"}}],"effect":{"constant_value":"Allow"},"principals":[{"identifiers":{"constant_value":["s3.amazonaws.com"]},"type":{"constant_value":"Service"}}],"resources":{"references":["aws_s3_bucket.this[0].arn","aws_s3_bucket.this[0]","aws_s3_bucket.this"]},"sid":{"constant_value":"destinationInventoryAndAnalyticsPolicy"}}]},"schema_version":0,"count_expression":{"references":["local.create_bucket","var.attach_inventory_destination_policy","var.attach_analytics_destination_policy"]}},{"address":"data.aws_iam_policy_document.lb_log_delivery","mode":"data","type":"aws_iam_policy_document","name":"lb_log_delivery","provider_config_key":"aws","expressions":{"statement":[{"actions":{"constant_value":["s3:PutObject"]},"condition":[{"test":{"constant_value":"StringEquals"},"values":{"constant_value":["bucket-owner-full-control"]},"variable":{"constant_value":"s3:x-amz-acl"}}],"effect":{"constant_value":"Allow"},"principals":[{"identifiers":{"constant_value":["delivery.logs.amazonaws.com"]},"type":{"constant_value":"Service"}}],"resources":{"references":["aws_s3_bucket.this[0].arn","aws_s3_bucket.this[0]","aws_s3_bucket.this"]},"sid":{"constant_value":"AWSLogDeliveryWrite"}},{"actions":{"constant_value":["s3:GetBucketAcl","s3:ListBucket"]},"effect":{"constant_value":"Allow"},"principals":[{"identifiers":{"constant_value":["delivery.logs.amazonaws.com"]},"type":{"constant_value":"Service"}}],"resources":{"references":["aws_s3_bucket.this[0].arn","aws_s3_bucket.this[0]","aws_s3_bucket.this"]},"sid":{"constant_value":"AWSLogDeliveryAclCheck"}}]},"schema_version":0,"count_expression":{"references":["local.create_bucket","var.attach_lb_log_delivery_policy"]}},{"address":"data.aws_iam_policy_document.require_latest_tls","mode":"data","type":"aws_iam_policy_document","name":"require_latest_tls","provider_config_key":"aws","expressions":{"statement":[{"actions":{"constant_value":["s3:*"]},"condition":[{"test":{"constant_value":"NumericLessThan"},"values":{"constant_value":["1.2"]},"variable":{"constant_value":"s3:TlsVersion"}}],"effect":{"constant_value":"Deny"},"principals":[{"identifiers":{"constant_value":["*"]},"type":{"constant_value":"*"}}],"resources":{"references":["aws_s3_bucket.this[0].arn","aws_s3_bucket.this[0]","aws_s3_bucket.this","aws_s3_bucket.this[0].arn","aws_s3_bucket.this[0]","aws_s3_bucket.this"]},"sid":{"constant_value":"denyOutdatedTLS"}}]},"schema_version":0,"count_expression":{"references":["local.create_bucket","var.attach_require_latest_tls_policy"]}},{"address":"data.aws_partition.current","mode":"data","type":"aws_partition","name":"current","provider_config_key":"aws","schema_version":0},{"address":"data.aws_region.current","mode":"data","type":"aws_region","name":"current","provider_config_key":"aws","schema_version":0}],"variables":{"acceleration_status":{"default":null,"description":"(Optional) Sets the accelerate configuration of an existing bucket. Can be Enabled or Suspended."},"access_log_delivery_policy_source_accounts":{"default":[],"description":"(Optional) List of AWS Account IDs should be allowed to deliver access logs to this bucket."},"access_log_delivery_policy_source_buckets":{"default":[],"description":"(Optional) List of S3 bucket ARNs wich should be allowed to deliver access logs to this bucket."},"acl":{"default":null,"description":"(Optional) The canned ACL to apply. Conflicts with `grant`"},"allowed_kms_key_arn":{"default":null,"description":"The ARN of KMS key which should be allowed in PutObject"},"analytics_configuration":{"default":{},"description":"Map containing bucket analytics configuration."},"analytics_self_source_destination":{"default":false,"description":"Whether or not the analytics source bucket is also the destination bucket."},"analytics_source_account_id":{"default":null,"description":"The analytics source account id."},"analytics_source_bucket_arn":{"default":null,"description":"The analytics source bucket ARN."},"attach_access_log_delivery_policy":{"default":false,"description":"Controls if S3 bucket should have S3 access log delivery policy attached"},"attach_analytics_destination_policy":{"default":false,"description":"Controls if S3 bucket should have bucket analytics destination policy attached."},"attach_deny_incorrect_encryption_headers":{"default":false,"description":"Controls if S3 bucket should deny incorrect encryption headers policy attached."},"attach_deny_incorrect_kms_key_sse":{"default":false,"description":"Controls if S3 bucket policy should deny usage of incorrect KMS key SSE."},"attach_deny_insecure_transport_policy":{"default":false,"description":"Controls if S3 bucket should have deny non-SSL transport policy attached"},"attach_deny_unencrypted_object_uploads":{"default":false,"description":"Controls if S3 bucket should deny unencrypted object uploads policy attached."},"attach_elb_log_delivery_policy":{"default":false,"description":"Controls if S3 bucket should have ELB log delivery policy attached"},"attach_inventory_destination_policy":{"default":false,"description":"Controls if S3 bucket should have bucket inventory destination policy attached."},"attach_lb_log_delivery_policy":{"default":false,"description":"Controls if S3 bucket should have ALB/NLB log delivery policy attached"},"attach_policy":{"default":false,"description":"Controls if S3 bucket should have bucket policy attached (set to `true` to use value of `policy` as bucket policy)"},"attach_public_policy":{"default":true,"description":"Controls if a user defined public bucket policy will be attached (set to `false` to allow upstream to apply defaults to the bucket)"},"attach_require_latest_tls_policy":{"default":false,"description":"Controls if S3 bucket should require the latest version of TLS"},"block_public_acls":{"default":true,"description":"Whether Amazon S3 should block public ACLs for this bucket."},"block_public_policy":{"default":true,"description":"Whether Amazon S3 should block public bucket policies for this bucket."},"bucket":{"default":null,"description":"(Optional, Forces new resource) The name of the bucket. If omitted, Terraform will assign a random, unique name."},"bucket_prefix":{"default":null,"description":"(Optional, Forces new resource) Creates a unique bucket name beginning with the specified prefix. Conflicts with bucket."},"control_object_ownership":{"default":false,"description":"Whether to manage S3 Bucket Ownership Controls on this bucket."},"cors_rule":{"default":[],"description":"List of maps containing rules for Cross-Origin Resource Sharing."},"create_bucket":{"default":true,"description":"Controls if S3 bucket should be created"},"expected_bucket_owner":{"default":null,"description":"The account ID of the expected bucket owner"},"force_destroy":{"default":false,"description":"(Optional, Default:false ) A boolean that indicates all objects should be deleted from the bucket so that the bucket can be destroyed without error. These objects are not recoverable."},"grant":{"default":[],"description":"An ACL policy grant. Conflicts with `acl`"},"ignore_public_acls":{"default":true,"description":"Whether Amazon S3 should ignore public ACLs for this bucket."},"intelligent_tiering":{"default":{},"description":"Map containing intelligent tiering configuration."},"inventory_configuration":{"default":{},"description":"Map containing S3 inventory configuration."},"inventory_self_source_destination":{"default":false,"description":"Whether or not the inventory source bucket is also the destination bucket."},"inventory_source_account_id":{"default":null,"description":"The inventory source account id."},"inventory_source_bucket_arn":{"default":null,"description":"The inventory source bucket ARN."},"lifecycle_rule":{"default":[],"description":"List of maps containing configuration of object lifecycle management."},"logging":{"default":{},"description":"Map containing access bucket logging configuration."},"metric_configuration":{"default":[],"description":"Map containing bucket metric configuration."},"object_lock_configuration":{"default":{},"description":"Map containing S3 object locking configuration."},"object_lock_enabled":{"default":false,"description":"Whether S3 bucket should have an Object Lock configuration enabled."},"object_ownership":{"default":"BucketOwnerEnforced","description":"Object ownership. Valid values: BucketOwnerEnforced, BucketOwnerPreferred or ObjectWriter. 'BucketOwnerEnforced': ACLs are disabled, and the bucket owner automatically owns and has full control over every object in the bucket. 'BucketOwnerPreferred': Objects uploaded to the bucket change ownership to the bucket owner if the objects are uploaded with the bucket-owner-full-control canned ACL. 'ObjectWriter': The uploading account will own the object if the object is uploaded with the bucket-owner-full-control canned ACL."},"owner":{"default":{},"description":"Bucket owner's display name and ID. Conflicts with `acl`"},"policy":{"default":null,"description":"(Optional) A valid bucket policy JSON document. Note that if the policy document is not specific enough (but still valid), Terraform may view the policy as constantly changing in a terraform plan. In this case, please make sure you use the verbose/specific version of the policy. For more information about building AWS IAM policy documents with Terraform, see the AWS IAM Policy Document Guide."},"putin_khuylo":{"default":true,"description":"Do you agree that Putin doesn't respect Ukrainian sovereignty and territorial integrity? More info: https://en.wikipedia.org/wiki/Putin_khuylo!"},"replication_configuration":{"default":{},"description":"Map containing cross-region replication configuration."},"request_payer":{"default":null,"description":"(Optional) Specifies who should bear the cost of Amazon S3 data transfer. Can be either BucketOwner or Requester. By default, the owner of the S3 bucket would incur the costs of any data transfer. See Requester Pays Buckets developer guide for more information."},"restrict_public_buckets":{"default":true,"description":"Whether Amazon S3 should restrict public bucket policies for this bucket."},"server_side_encryption_configuration":{"default":{},"description":"Map containing server-side encryption configuration."},"tags":{"default":{},"description":"(Optional) A mapping of tags to assign to the bucket."},"versioning":{"default":{},"description":"Map containing versioning configuration."},"website":{"default":{},"description":"Map containing static web-site hosting or redirect configuration."}}}},"s3_lambda_notif":{"source":"terraform-aws-modules/s3-bucket/aws//modules/notification","expressions":{"bucket":{"references":["module.input_bucket.s3_bucket_id","module.input_bucket"]},"eventbridge":{"constant_value":true},"lambda_notifications":{"references":["module.dag_trigger_lambda.lambda_function_arn","module.dag_trigger_lambda","module.dag_trigger_lambda.lambda_function_name","module.dag_trigger_lambda"]}},"module":{"outputs":{"s3_bucket_notification_id":{"expression":{"references":["aws_s3_bucket_notification.this[0].id","aws_s3_bucket_notification.this[0]","aws_s3_bucket_notification.this"]},"description":"ID of S3 bucket"}},"resources":[{"address":"aws_lambda_permission.allow","mode":"managed","type":"aws_lambda_permission","name":"allow","provider_config_key":"aws","expressions":{"action":{"constant_value":"lambda:InvokeFunction"},"function_name":{"references":["each.value.function_name","each.value"]},"principal":{"constant_value":"s3.amazonaws.com"},"qualifier":{"references":["each.value.qualifier","each.value"]},"source_account":{"references":["each.value.source_account","each.value"]},"source_arn":{"references":["local.bucket_arn"]},"statement_id_prefix":{"constant_value":"AllowLambdaS3BucketNotification-"}},"schema_version":0,"for_each_expression":{"references":["var.lambda_notifications"]}},{"address":"aws_s3_bucket_notification.this","mode":"managed","type":"aws_s3_bucket_notification","name":"this","provider_config_key":"aws","expressions":{"bucket":{"references":["var.bucket"]},"eventbridge":{"references":["var.eventbridge"]}},"schema_version":0,"count_expression":{"references":["var.create"]},"depends_on":["aws_lambda_permission.allow","aws_sqs_queue_policy.allow","aws_sns_topic_policy.allow"]},{"address":"aws_sns_topic_policy.allow","mode":"managed","type":"aws_sns_topic_policy","name":"allow","provider_config_key":"aws","expressions":{"arn":{"references":["each.value.topic_arn","each.value"]},"policy":{"references":["data.aws_iam_policy_document.sns","each.key"]}},"schema_version":0,"for_each_expression":{"references":["var.sns_notifications","var.create_sns_policy"]}},{"address":"aws_sqs_queue_policy.allow","mode":"managed","type":"aws_sqs_queue_policy","name":"allow","provider_config_key":"aws","expressions":{"policy":{"references":["data.aws_iam_policy_document.sqs","each.key"]},"queue_url":{"references":["each.value.queue_id","each.value","local.queue_ids","each.key"]}},"schema_version":1,"for_each_expression":{"references":["var.sqs_notifications","var.create_sqs_policy"]}},{"address":"data.aws_arn.queue","mode":"data","type":"aws_arn","name":"queue","provider_config_key":"aws","expressions":{"arn":{"references":["each.value.queue_arn","each.value"]}},"schema_version":0,"for_each_expression":{"references":["var.sqs_notifications"]}},{"address":"data.aws_iam_policy_document.sns","mode":"data","type":"aws_iam_policy_document","name":"sns","provider_config_key":"aws","expressions":{"statement":[{"actions":{"constant_value":["sns:Publish"]},"condition":[{"test":{"constant_value":"ArnEquals"},"values":{"references":["local.bucket_arn"]},"variable":{"constant_value":"aws:SourceArn"}}],"effect":{"constant_value":"Allow"},"principals":[{"identifiers":{"constant_value":["s3.amazonaws.com"]},"type":{"constant_value":"Service"}}],"resources":{"references":["each.value.topic_arn","each.value"]},"sid":{"constant_value":"AllowSNSS3BucketNotification"}}]},"schema_version":0,"for_each_expression":{"references":["var.sns_notifications","var.create_sns_policy"]}},{"address":"data.aws_iam_policy_document.sqs","mode":"data","type":"aws_iam_policy_document","name":"sqs","provider_config_key":"aws","expressions":{"statement":[{"actions":{"constant_value":["sqs:SendMessage"]},"condition":[{"test":{"constant_value":"ArnEquals"},"values":{"references":["local.bucket_arn"]},"variable":{"constant_value":"aws:SourceArn"}}],"effect":{"constant_value":"Allow"},"principals":[{"identifiers":{"constant_value":["s3.amazonaws.com"]},"type":{"constant_value":"Service"}}],"resources":{"references":["each.value.queue_arn","each.value"]},"sid":{"constant_value":"AllowSQSS3BucketNotification"}}]},"schema_version":0,"for_each_expression":{"references":["var.sqs_notifications","var.create_sqs_policy"]}},{"address":"data.aws_partition.this","mode":"data","type":"aws_partition","name":"this","provider_config_key":"aws","schema_version":0}],"variables":{"bucket":{"default":"","description":"Name of S3 bucket to use"},"bucket_arn":{"default":null,"description":"ARN of S3 bucket to use in policies"},"create":{"default":true,"description":"Whether to create this resource or not?"},"create_sns_policy":{"default":true,"description":"Whether to create a policy for SNS permissions or not?"},"create_sqs_policy":{"default":true,"description":"Whether to create a policy for SQS permissions or not?"},"eventbridge":{"default":null,"description":"Whether to enable Amazon EventBridge notifications"},"lambda_notifications":{"default":{},"description":"Map of S3 bucket notifications to Lambda function"},"sns_notifications":{"default":{},"description":"Map of S3 bucket notifications to SNS topic"},"sqs_notifications":{"default":{},"description":"Map of S3 bucket notifications to SQS queue"}}},"version_constraint":"4.1.0"},"vpc":{"source":"git::https://github.com/terraform-aws-modules/terraform-aws-vpc.git?ref=47e101dc71818902de9bf8967c22fdbb42cd540d","expressions":{"azs":{"references":["local.azs"]},"cidr":{"references":["local.vpc_cidr"]},"create_flow_log_cloudwatch_iam_role":{"constant_value":true},"create_flow_log_cloudwatch_log_group":{"constant_value":true},"enable_dns_hostnames":{"constant_value":true},"enable_flow_log":{"constant_value":true},"enable_nat_gateway":{"constant_value":true},"flow_log_max_aggregation_interval":{"constant_value":60},"name":{"references":["local.vpc_name"]},"private_dedicated_network_acl":{"constant_value":true},"private_inbound_acl_rules":{"references":["local.network_acls[\"default_inbound\"]","local.network_acls"]},"private_outbound_acl_rules":{"references":["local.network_acls[\"default_outbound\"]","local.network_acls"]},"private_subnets":{"references":["local.azs","local.vpc_cidr"]},"public_dedicated_network_acl":{"constant_value":true},"public_inbound_acl_rules":{"references":["local.network_acls[\"default_inbound\"]","local.network_acls"]},"public_outbound_acl_rules":{"references":["local.network_acls[\"default_outbound\"]","local.network_acls"]},"public_subnets":{"references":["local.azs","local.vpc_cidr"]},"single_nat_gateway":{"constant_value":true},"tags":{"references":["local.tags"]}},"module":{"outputs":{"azs":{"expression":{"references":["var.azs"]},"description":"A list of availability zones specified as argument to this module"},"cgw_arns":{"expression":{"references":["aws_customer_gateway.this"]},"description":"List of ARNs of Customer Gateway"},"cgw_ids":{"expression":{"references":["aws_customer_gateway.this"]},"description":"List of IDs of Customer Gateway"},"database_internet_gateway_route_id":{"expression":{"references":["aws_route.database_internet_gateway[0].id","aws_route.database_internet_gateway[0]","aws_route.database_internet_gateway"]},"description":"ID of the database internet gateway route"},"database_ipv6_egress_route_id":{"expression":{"references":["aws_route.database_ipv6_egress[0].id","aws_route.database_ipv6_egress[0]","aws_route.database_ipv6_egress"]},"description":"ID of the database IPv6 egress route"},"database_nat_gateway_route_ids":{"expression":{"references":["aws_route.database_nat_gateway"]},"description":"List of IDs of the database nat gateway route"},"database_network_acl_arn":{"expression":{"references":["aws_network_acl.database[0].arn","aws_network_acl.database[0]","aws_network_acl.database"]},"description":"ARN of the database network ACL"},"database_network_acl_id":{"expression":{"references":["aws_network_acl.database[0].id","aws_network_acl.database[0]","aws_network_acl.database"]},"description":"ID of the database network ACL"},"database_route_table_association_ids":{"expression":{"references":["aws_route_table_association.database"]},"description":"List of IDs of the database route table association"},"database_route_table_ids":{"expression":{"references":["aws_route_table.database","aws_route_table.database","aws_route_table.private"]},"description":"List of IDs of database route tables"},"database_subnet_arns":{"expression":{"references":["aws_subnet.database"]},"description":"List of ARNs of database subnets"},"database_subnet_group":{"expression":{"references":["aws_db_subnet_group.database[0].id","aws_db_subnet_group.database[0]","aws_db_subnet_group.database"]},"description":"ID of database subnet group"},"database_subnet_group_name":{"expression":{"references":["aws_db_subnet_group.database[0].name","aws_db_subnet_group.database[0]","aws_db_subnet_group.database"]},"description":"Name of database subnet group"},"database_subnets":{"expression":{"references":["aws_subnet.database"]},"description":"List of IDs of database subnets"},"database_subnets_cidr_blocks":{"expression":{"references":["aws_subnet.database"]},"description":"List of cidr_blocks of database subnets"},"database_subnets_ipv6_cidr_blocks":{"expression":{"references":["aws_subnet.database"]},"description":"List of IPv6 cidr_blocks of database subnets in an IPv6 enabled VPC"},"default_network_acl_id":{"expression":{"references":["aws_vpc.this[0].default_network_acl_id","aws_vpc.this[0]","aws_vpc.this"]},"description":"The ID of the default network ACL"},"default_route_table_id":{"expression":{"references":["aws_vpc.this[0].default_route_table_id","aws_vpc.this[0]","aws_vpc.this"]},"description":"The ID of the default route table"},"default_security_group_id":{"expression":{"references":["aws_vpc.this[0].default_security_group_id","aws_vpc.this[0]","aws_vpc.this"]},"description":"The ID of the security group created by default on VPC creation"},"default_vpc_arn":{"expression":{"references":["aws_default_vpc.this[0].arn","aws_default_vpc.this[0]","aws_default_vpc.this"]},"description":"The ARN of the Default VPC"},"default_vpc_cidr_block":{"expression":{"references":["aws_default_vpc.this[0].cidr_block","aws_default_vpc.this[0]","aws_default_vpc.this"]},"description":"The CIDR block of the Default VPC"},"default_vpc_default_network_acl_id":{"expression":{"references":["aws_default_vpc.this[0].default_network_acl_id","aws_default_vpc.this[0]","aws_default_vpc.this"]},"description":"The ID of the default network ACL of the Default VPC"},"default_vpc_default_route_table_id":{"expression":{"references":["aws_default_vpc.this[0].default_route_table_id","aws_default_vpc.this[0]","aws_default_vpc.this"]},"description":"The ID of the default route table of the Default VPC"},"default_vpc_default_security_group_id":{"expression":{"references":["aws_default_vpc.this[0].default_security_group_id","aws_default_vpc.this[0]","aws_default_vpc.this"]},"description":"The ID of the security group created by default on Default VPC creation"},"default_vpc_enable_dns_hostnames":{"expression":{"references":["aws_default_vpc.this[0].enable_dns_hostnames","aws_default_vpc.this[0]","aws_default_vpc.this"]},"description":"Whether or not the Default VPC has DNS hostname support"},"default_vpc_enable_dns_support":{"expression":{"references":["aws_default_vpc.this[0].enable_dns_support","aws_default_vpc.this[0]","aws_default_vpc.this"]},"description":"Whether or not the Default VPC has DNS support"},"default_vpc_id":{"expression":{"references":["aws_default_vpc.this[0].id","aws_default_vpc.this[0]","aws_default_vpc.this"]},"description":"The ID of the Default VPC"},"default_vpc_instance_tenancy":{"expression":{"references":["aws_default_vpc.this[0].instance_tenancy","aws_default_vpc.this[0]","aws_default_vpc.this"]},"description":"Tenancy of instances spin up within Default VPC"},"default_vpc_main_route_table_id":{"expression":{"references":["aws_default_vpc.this[0].main_route_table_id","aws_default_vpc.this[0]","aws_default_vpc.this"]},"description":"The ID of the main route table associated with the Default VPC"},"dhcp_options_id":{"expression":{"references":["aws_vpc_dhcp_options.this[0].id","aws_vpc_dhcp_options.this[0]","aws_vpc_dhcp_options.this"]},"description":"The ID of the DHCP options"},"egress_only_internet_gateway_id":{"expression":{"references":["aws_egress_only_internet_gateway.this[0].id","aws_egress_only_internet_gateway.this[0]","aws_egress_only_internet_gateway.this"]},"description":"The ID of the egress only Internet Gateway"},"elasticache_network_acl_arn":{"expression":{"references":["aws_network_acl.elasticache[0].arn","aws_network_acl.elasticache[0]","aws_network_acl.elasticache"]},"description":"ARN of the elasticache network ACL"},"elasticache_network_acl_id":{"expression":{"references":["aws_network_acl.elasticache[0].id","aws_network_acl.elasticache[0]","aws_network_acl.elasticache"]},"description":"ID of the elasticache network ACL"},"elasticache_route_table_association_ids":{"expression":{"references":["aws_route_table_association.elasticache"]},"description":"List of IDs of the elasticache route table association"},"elasticache_route_table_ids":{"expression":{"references":["aws_route_table.elasticache","local.private_route_table_ids"]},"description":"List of IDs of elasticache route tables"},"elasticache_subnet_arns":{"expression":{"references":["aws_subnet.elasticache"]},"description":"List of ARNs of elasticache subnets"},"elasticache_subnet_group":{"expression":{"references":["aws_elasticache_subnet_group.elasticache[0].id","aws_elasticache_subnet_group.elasticache[0]","aws_elasticache_subnet_group.elasticache"]},"description":"ID of elasticache subnet group"},"elasticache_subnet_group_name":{"expression":{"references":["aws_elasticache_subnet_group.elasticache[0].name","aws_elasticache_subnet_group.elasticache[0]","aws_elasticache_subnet_group.elasticache"]},"description":"Name of elasticache subnet group"},"elasticache_subnets":{"expression":{"references":["aws_subnet.elasticache"]},"description":"List of IDs of elasticache subnets"},"elasticache_subnets_cidr_blocks":{"expression":{"references":["aws_subnet.elasticache"]},"description":"List of cidr_blocks of elasticache subnets"},"elasticache_subnets_ipv6_cidr_blocks":{"expression":{"references":["aws_subnet.elasticache"]},"description":"List of IPv6 cidr_blocks of elasticache subnets in an IPv6 enabled VPC"},"igw_arn":{"expression":{"references":["aws_internet_gateway.this[0].arn","aws_internet_gateway.this[0]","aws_internet_gateway.this"]},"description":"The ARN of the Internet Gateway"},"igw_id":{"expression":{"references":["aws_internet_gateway.this[0].id","aws_internet_gateway.this[0]","aws_internet_gateway.this"]},"description":"The ID of the Internet Gateway"},"intra_network_acl_arn":{"expression":{"references":["aws_network_acl.intra[0].arn","aws_network_acl.intra[0]","aws_network_acl.intra"]},"description":"ARN of the intra network ACL"},"intra_network_acl_id":{"expression":{"references":["aws_network_acl.intra[0].id","aws_network_acl.intra[0]","aws_network_acl.intra"]},"description":"ID of the intra network ACL"},"intra_route_table_association_ids":{"expression":{"references":["aws_route_table_association.intra"]},"description":"List of IDs of the intra route table association"},"intra_route_table_ids":{"expression":{"references":["aws_route_table.intra"]},"description":"List of IDs of intra route tables"},"intra_subnet_arns":{"expression":{"references":["aws_subnet.intra"]},"description":"List of ARNs of intra subnets"},"intra_subnets":{"expression":{"references":["aws_subnet.intra"]},"description":"List of IDs of intra subnets"},"intra_subnets_cidr_blocks":{"expression":{"references":["aws_subnet.intra"]},"description":"List of cidr_blocks of intra subnets"},"intra_subnets_ipv6_cidr_blocks":{"expression":{"references":["aws_subnet.intra"]},"description":"List of IPv6 cidr_blocks of intra subnets in an IPv6 enabled VPC"},"name":{"expression":{"references":["var.name"]},"description":"The name of the VPC specified as argument to this module"},"nat_ids":{"expression":{"references":["aws_eip.nat"]},"description":"List of allocation ID of Elastic IPs created for AWS NAT Gateway"},"nat_public_ips":{"expression":{"references":["var.reuse_nat_ips","var.external_nat_ips","aws_eip.nat"]},"description":"List of public Elastic IPs created for AWS NAT Gateway"},"natgw_ids":{"expression":{"references":["aws_nat_gateway.this"]},"description":"List of NAT Gateway IDs"},"natgw_interface_ids":{"expression":{"references":["aws_nat_gateway.this"]},"description":"List of Network Interface IDs assigned to NAT Gateways"},"outpost_network_acl_arn":{"expression":{"references":["aws_network_acl.outpost[0].arn","aws_network_acl.outpost[0]","aws_network_acl.outpost"]},"description":"ARN of the outpost network ACL"},"outpost_network_acl_id":{"expression":{"references":["aws_network_acl.outpost[0].id","aws_network_acl.outpost[0]","aws_network_acl.outpost"]},"description":"ID of the outpost network ACL"},"outpost_subnet_arns":{"expression":{"references":["aws_subnet.outpost"]},"description":"List of ARNs of outpost subnets"},"outpost_subnets":{"expression":{"references":["aws_subnet.outpost"]},"description":"List of IDs of outpost subnets"},"outpost_subnets_cidr_blocks":{"expression":{"references":["aws_subnet.outpost"]},"description":"List of cidr_blocks of outpost subnets"},"outpost_subnets_ipv6_cidr_blocks":{"expression":{"references":["aws_subnet.outpost"]},"description":"List of IPv6 cidr_blocks of outpost subnets in an IPv6 enabled VPC"},"private_ipv6_egress_route_ids":{"expression":{"references":["aws_route.private_ipv6_egress"]},"description":"List of IDs of the ipv6 egress route"},"private_nat_gateway_route_ids":{"expression":{"references":["aws_route.private_nat_gateway"]},"description":"List of IDs of the private nat gateway route"},"private_network_acl_arn":{"expression":{"references":["aws_network_acl.private[0].arn","aws_network_acl.private[0]","aws_network_acl.private"]},"description":"ARN of the private network ACL"},"private_network_acl_id":{"expression":{"references":["aws_network_acl.private[0].id","aws_network_acl.private[0]","aws_network_acl.private"]},"description":"ID of the private network ACL"},"private_route_table_association_ids":{"expression":{"references":["aws_route_table_association.private"]},"description":"List of IDs of the private route table association"},"private_route_table_ids":{"expression":{"references":["local.private_route_table_ids"]},"description":"List of IDs of private route tables"},"private_subnet_arns":{"expression":{"references":["aws_subnet.private"]},"description":"List of ARNs of private subnets"},"private_subnets":{"expression":{"references":["aws_subnet.private"]},"description":"List of IDs of private subnets"},"private_subnets_cidr_blocks":{"expression":{"references":["aws_subnet.private"]},"description":"List of cidr_blocks of private subnets"},"private_subnets_ipv6_cidr_blocks":{"expression":{"references":["aws_subnet.private"]},"description":"List of IPv6 cidr_blocks of private subnets in an IPv6 enabled VPC"},"public_internet_gateway_ipv6_route_id":{"expression":{"references":["aws_route.public_internet_gateway_ipv6[0].id","aws_route.public_internet_gateway_ipv6[0]","aws_route.public_internet_gateway_ipv6"]},"description":"ID of the IPv6 internet gateway route"},"public_internet_gateway_route_id":{"expression":{"references":["aws_route.public_internet_gateway[0].id","aws_route.public_internet_gateway[0]","aws_route.public_internet_gateway"]},"description":"ID of the internet gateway route"},"public_network_acl_arn":{"expression":{"references":["aws_network_acl.public[0].arn","aws_network_acl.public[0]","aws_network_acl.public"]},"description":"ARN of the public network ACL"},"public_network_acl_id":{"expression":{"references":["aws_network_acl.public[0].id","aws_network_acl.public[0]","aws_network_acl.public"]},"description":"ID of the public network ACL"},"public_route_table_association_ids":{"expression":{"references":["aws_route_table_association.public"]},"description":"List of IDs of the public route table association"},"public_route_table_ids":{"expression":{"references":["local.public_route_table_ids"]},"description":"List of IDs of public route tables"},"public_subnet_arns":{"expression":{"references":["aws_subnet.public"]},"description":"List of ARNs of public subnets"},"public_subnets":{"expression":{"references":["aws_subnet.public"]},"description":"List of IDs of public subnets"},"public_subnets_cidr_blocks":{"expression":{"references":["aws_subnet.public"]},"description":"List of cidr_blocks of public subnets"},"public_subnets_ipv6_cidr_blocks":{"expression":{"references":["aws_subnet.public"]},"description":"List of IPv6 cidr_blocks of public subnets in an IPv6 enabled VPC"},"redshift_network_acl_arn":{"expression":{"references":["aws_network_acl.redshift[0].arn","aws_network_acl.redshift[0]","aws_network_acl.redshift"]},"description":"ARN of the redshift network ACL"},"redshift_network_acl_id":{"expression":{"references":["aws_network_acl.redshift[0].id","aws_network_acl.redshift[0]","aws_network_acl.redshift"]},"description":"ID of the redshift network ACL"},"redshift_public_route_table_association_ids":{"expression":{"references":["aws_route_table_association.redshift_public"]},"description":"List of IDs of the public redshift route table association"},"redshift_route_table_association_ids":{"expression":{"references":["aws_route_table_association.redshift"]},"description":"List of IDs of the redshift route table association"},"redshift_route_table_ids":{"expression":{"references":["local.redshift_route_table_ids","local.redshift_route_table_ids","var.enable_public_redshift","local.public_route_table_ids","local.private_route_table_ids"]},"description":"List of IDs of redshift route tables"},"redshift_subnet_arns":{"expression":{"references":["aws_subnet.redshift"]},"description":"List of ARNs of redshift subnets"},"redshift_subnet_group":{"expression":{"references":["aws_redshift_subnet_group.redshift[0].id","aws_redshift_subnet_group.redshift[0]","aws_redshift_subnet_group.redshift"]},"description":"ID of redshift subnet group"},"redshift_subnets":{"expression":{"references":["aws_subnet.redshift"]},"description":"List of IDs of redshift subnets"},"redshift_subnets_cidr_blocks":{"expression":{"references":["aws_subnet.redshift"]},"description":"List of cidr_blocks of redshift subnets"},"redshift_subnets_ipv6_cidr_blocks":{"expression":{"references":["aws_subnet.redshift"]},"description":"List of IPv6 cidr_blocks of redshift subnets in an IPv6 enabled VPC"},"this_customer_gateway":{"expression":{"references":["aws_customer_gateway.this"]},"description":"Map of Customer Gateway attributes"},"vgw_arn":{"expression":{"references":["aws_vpn_gateway.this[0].arn","aws_vpn_gateway.this[0]","aws_vpn_gateway.this"]},"description":"The ARN of the VPN Gateway"},"vgw_id":{"expression":{"references":["aws_vpn_gateway.this[0].id","aws_vpn_gateway.this[0]","aws_vpn_gateway.this","aws_vpn_gateway_attachment.this[0].vpn_gateway_id","aws_vpn_gateway_attachment.this[0]","aws_vpn_gateway_attachment.this"]},"description":"The ID of the VPN Gateway"},"vpc_arn":{"expression":{"references":["aws_vpc.this[0].arn","aws_vpc.this[0]","aws_vpc.this"]},"description":"The ARN of the VPC"},"vpc_cidr_block":{"expression":{"references":["aws_vpc.this[0].cidr_block","aws_vpc.this[0]","aws_vpc.this"]},"description":"The CIDR block of the VPC"},"vpc_enable_dns_hostnames":{"expression":{"references":["aws_vpc.this[0].enable_dns_hostnames","aws_vpc.this[0]","aws_vpc.this"]},"description":"Whether or not the VPC has DNS hostname support"},"vpc_enable_dns_support":{"expression":{"references":["aws_vpc.this[0].enable_dns_support","aws_vpc.this[0]","aws_vpc.this"]},"description":"Whether or not the VPC has DNS support"},"vpc_flow_log_cloudwatch_iam_role_arn":{"expression":{"references":["local.flow_log_iam_role_arn"]},"description":"The ARN of the IAM role used when pushing logs to Cloudwatch log group"},"vpc_flow_log_deliver_cross_account_role":{"expression":{"references":["aws_flow_log.this[0].deliver_cross_account_role","aws_flow_log.this[0]","aws_flow_log.this"]},"description":"The ARN of the IAM role used when pushing logs cross account"},"vpc_flow_log_destination_arn":{"expression":{"references":["local.flow_log_destination_arn"]},"description":"The ARN of the destination for VPC Flow Logs"},"vpc_flow_log_destination_type":{"expression":{"references":["var.flow_log_destination_type"]},"description":"The type of the destination for VPC Flow Logs"},"vpc_flow_log_id":{"expression":{"references":["aws_flow_log.this[0].id","aws_flow_log.this[0]","aws_flow_log.this"]},"description":"The ID of the Flow Log resource"},"vpc_id":{"expression":{"references":["aws_vpc.this[0].id","aws_vpc.this[0]","aws_vpc.this"]},"description":"The ID of the VPC"},"vpc_instance_tenancy":{"expression":{"references":["aws_vpc.this[0].instance_tenancy","aws_vpc.this[0]","aws_vpc.this"]},"description":"Tenancy of instances spin up within VPC"},"vpc_ipv6_association_id":{"expression":{"references":["aws_vpc.this[0].ipv6_association_id","aws_vpc.this[0]","aws_vpc.this"]},"description":"The association ID for the IPv6 CIDR block"},"vpc_ipv6_cidr_block":{"expression":{"references":["aws_vpc.this[0].ipv6_cidr_block","aws_vpc.this[0]","aws_vpc.this"]},"description":"The IPv6 CIDR block"},"vpc_main_route_table_id":{"expression":{"references":["aws_vpc.this[0].main_route_table_id","aws_vpc.this[0]","aws_vpc.this"]},"description":"The ID of the main route table associated with this VPC"},"vpc_owner_id":{"expression":{"references":["aws_vpc.this[0].owner_id","aws_vpc.this[0]","aws_vpc.this"]},"description":"The ID of the AWS account that owns the VPC"},"vpc_secondary_cidr_blocks":{"expression":{"references":["aws_vpc_ipv4_cidr_block_association.this"]},"description":"List of secondary CIDR blocks of the VPC"}},"resources":[{"address":"aws_cloudwatch_log_group.flow_log","mode":"managed","type":"aws_cloudwatch_log_group","name":"flow_log","provider_config_key":"aws","expressions":{"kms_key_id":{"references":["var.flow_log_cloudwatch_log_group_kms_key_id"]},"log_group_class":{"references":["var.flow_log_cloudwatch_log_group_class"]},"name":{"references":["var.flow_log_cloudwatch_log_group_name_prefix","local.flow_log_cloudwatch_log_group_name_suffix"]},"retention_in_days":{"references":["var.flow_log_cloudwatch_log_group_retention_in_days"]},"skip_destroy":{"references":["var.flow_log_cloudwatch_log_group_skip_destroy"]},"tags":{"references":["var.tags","var.vpc_flow_log_tags"]}},"schema_version":0,"count_expression":{"references":["local.create_flow_log_cloudwatch_log_group"]}},{"address":"aws_customer_gateway.this","mode":"managed","type":"aws_customer_gateway","name":"this","provider_config_key":"aws","expressions":{"bgp_asn":{"references":["each.value[\"bgp_asn\"]","each.value"]},"device_name":{"references":["each.value"]},"ip_address":{"references":["each.value[\"ip_address\"]","each.value"]},"tags":{"references":["var.name","each.key","var.tags","var.customer_gateway_tags"]},"type":{"constant_value":"ipsec.1"}},"schema_version":0,"for_each_expression":{"references":["var.customer_gateways"]}},{"address":"aws_db_subnet_group.database","mode":"managed","type":"aws_db_subnet_group","name":"database","provider_config_key":"aws","expressions":{"description":{"references":["var.name"]},"name":{"references":["var.database_subnet_group_name","var.name"]},"subnet_ids":{"references":["aws_subnet.database"]},"tags":{"references":["var.database_subnet_group_name","var.name","var.tags","var.database_subnet_group_tags"]}},"schema_version":0,"count_expression":{"references":["local.create_database_subnets","var.create_database_subnet_group"]}},{"address":"aws_default_network_acl.this","mode":"managed","type":"aws_default_network_acl","name":"this","provider_config_key":"aws","expressions":{"default_network_acl_id":{"references":["aws_vpc.this[0].default_network_acl_id","aws_vpc.this[0]","aws_vpc.this"]},"subnet_ids":{"constant_value":null},"tags":{"references":["var.default_network_acl_name","var.name","var.tags","var.default_network_acl_tags"]}},"schema_version":0,"count_expression":{"references":["local.create_vpc","var.manage_default_network_acl"]}},{"address":"aws_default_route_table.default","mode":"managed","type":"aws_default_route_table","name":"default","provider_config_key":"aws","expressions":{"default_route_table_id":{"references":["aws_vpc.this[0].default_route_table_id","aws_vpc.this[0]","aws_vpc.this"]},"propagating_vgws":{"references":["var.default_route_table_propagating_vgws"]},"tags":{"references":["var.default_route_table_name","var.name","var.tags","var.default_route_table_tags"]},"timeouts":{"create":{"constant_value":"5m"},"update":{"constant_value":"5m"}}},"schema_version":0,"count_expression":{"references":["local.create_vpc","var.manage_default_route_table"]}},{"address":"aws_default_security_group.this","mode":"managed","type":"aws_default_security_group","name":"this","provider_config_key":"aws","expressions":{"tags":{"references":["var.default_security_group_name","var.name","var.tags","var.default_security_group_tags"]},"vpc_id":{"references":["aws_vpc.this[0].id","aws_vpc.this[0]","aws_vpc.this"]}},"schema_version":1,"count_expression":{"references":["local.create_vpc","var.manage_default_security_group"]}},{"address":"aws_default_vpc.this","mode":"managed","type":"aws_default_vpc","name":"this","provider_config_key":"aws","expressions":{"enable_dns_hostnames":{"references":["var.default_vpc_enable_dns_hostnames"]},"enable_dns_support":{"references":["var.default_vpc_enable_dns_support"]},"tags":{"references":["var.default_vpc_name","var.tags","var.default_vpc_tags"]}},"schema_version":1,"count_expression":{"references":["var.manage_default_vpc"]}},{"address":"aws_egress_only_internet_gateway.this","mode":"managed","type":"aws_egress_only_internet_gateway","name":"this","provider_config_key":"aws","expressions":{"tags":{"references":["var.name","var.tags","var.igw_tags"]},"vpc_id":{"references":["local.vpc_id"]}},"schema_version":0,"count_expression":{"references":["local.create_vpc","var.create_egress_only_igw","var.enable_ipv6","local.max_subnet_length"]}},{"address":"aws_eip.nat","mode":"managed","type":"aws_eip","name":"nat","provider_config_key":"aws","expressions":{"domain":{"constant_value":"vpc"},"tags":{"references":["var.name","var.azs","var.single_nat_gateway","count.index","var.tags","var.nat_eip_tags"]}},"schema_version":0,"count_expression":{"references":["local.create_vpc","var.enable_nat_gateway","var.reuse_nat_ips","local.nat_gateway_count"]},"depends_on":["aws_internet_gateway.this"]},{"address":"aws_elasticache_subnet_group.elasticache","mode":"managed","type":"aws_elasticache_subnet_group","name":"elasticache","provider_config_key":"aws","expressions":{"description":{"references":["var.name"]},"name":{"references":["var.elasticache_subnet_group_name","var.name"]},"subnet_ids":{"references":["aws_subnet.elasticache"]},"tags":{"references":["var.elasticache_subnet_group_name","var.name","var.tags","var.elasticache_subnet_group_tags"]}},"schema_version":0,"count_expression":{"references":["local.create_elasticache_subnets","var.create_elasticache_subnet_group"]}},{"address":"aws_flow_log.this","mode":"managed","type":"aws_flow_log","name":"this","provider_config_key":"aws","expressions":{"deliver_cross_account_role":{"references":["var.flow_log_deliver_cross_account_role"]},"iam_role_arn":{"references":["local.flow_log_iam_role_arn"]},"log_destination":{"references":["local.flow_log_destination_arn"]},"log_destination_type":{"references":["var.flow_log_destination_type"]},"log_format":{"references":["var.flow_log_log_format"]},"max_aggregation_interval":{"references":["var.flow_log_max_aggregation_interval"]},"tags":{"references":["var.tags","var.vpc_flow_log_tags"]},"traffic_type":{"references":["var.flow_log_traffic_type"]},"vpc_id":{"references":["local.vpc_id"]}},"schema_version":0,"count_expression":{"references":["local.enable_flow_log"]}},{"address":"aws_iam_policy.vpc_flow_log_cloudwatch","mode":"managed","type":"aws_iam_policy","name":"vpc_flow_log_cloudwatch","provider_config_key":"aws","expressions":{"name_prefix":{"constant_value":"vpc-flow-log-to-cloudwatch-"},"policy":{"references":["data.aws_iam_policy_document.vpc_flow_log_cloudwatch[0].json","data.aws_iam_policy_document.vpc_flow_log_cloudwatch[0]","data.aws_iam_policy_document.vpc_flow_log_cloudwatch"]},"tags":{"references":["var.tags","var.vpc_flow_log_tags"]}},"schema_version":0,"count_expression":{"references":["local.create_flow_log_cloudwatch_iam_role"]}},{"address":"aws_iam_role.vpc_flow_log_cloudwatch","mode":"managed","type":"aws_iam_role","name":"vpc_flow_log_cloudwatch","provider_config_key":"aws","expressions":{"assume_role_policy":{"references":["data.aws_iam_policy_document.flow_log_cloudwatch_assume_role[0].json","data.aws_iam_policy_document.flow_log_cloudwatch_assume_role[0]","data.aws_iam_policy_document.flow_log_cloudwatch_assume_role"]},"name_prefix":{"constant_value":"vpc-flow-log-role-"},"permissions_boundary":{"references":["var.vpc_flow_log_permissions_boundary"]},"tags":{"references":["var.tags","var.vpc_flow_log_tags"]}},"schema_version":0,"count_expression":{"references":["local.create_flow_log_cloudwatch_iam_role"]}},{"address":"aws_iam_role_policy_attachment.vpc_flow_log_cloudwatch","mode":"managed","type":"aws_iam_role_policy_attachment","name":"vpc_flow_log_cloudwatch","provider_config_key":"aws","expressions":{"policy_arn":{"references":["aws_iam_policy.vpc_flow_log_cloudwatch[0].arn","aws_iam_policy.vpc_flow_log_cloudwatch[0]","aws_iam_policy.vpc_flow_log_cloudwatch"]},"role":{"references":["aws_iam_role.vpc_flow_log_cloudwatch[0].name","aws_iam_role.vpc_flow_log_cloudwatch[0]","aws_iam_role.vpc_flow_log_cloudwatch"]}},"schema_version":0,"count_expression":{"references":["local.create_flow_log_cloudwatch_iam_role"]}},{"address":"aws_internet_gateway.this","mode":"managed","type":"aws_internet_gateway","name":"this","provider_config_key":"aws","expressions":{"tags":{"references":["var.name","var.tags","var.igw_tags"]},"vpc_id":{"references":["local.vpc_id"]}},"schema_version":0,"count_expression":{"references":["local.create_public_subnets","var.create_igw"]}},{"address":"aws_nat_gateway.this","mode":"managed","type":"aws_nat_gateway","name":"this","provider_config_key":"aws","expressions":{"allocation_id":{"references":["local.nat_gateway_ips","var.single_nat_gateway","count.index"]},"subnet_id":{"references":["aws_subnet.public","var.single_nat_gateway","count.index"]},"tags":{"references":["var.name","var.azs","var.single_nat_gateway","count.index","var.tags","var.nat_gateway_tags"]}},"schema_version":0,"count_expression":{"references":["local.create_vpc","var.enable_nat_gateway","local.nat_gateway_count"]},"depends_on":["aws_internet_gateway.this"]},{"address":"aws_network_acl.database","mode":"managed","type":"aws_network_acl","name":"database","provider_config_key":"aws","expressions":{"subnet_ids":{"references":["aws_subnet.database"]},"tags":{"references":["var.name","var.database_subnet_suffix","var.tags","var.database_acl_tags"]},"vpc_id":{"references":["local.vpc_id"]}},"schema_version":0,"count_expression":{"references":["local.create_database_network_acl"]}},{"address":"aws_network_acl.elasticache","mode":"managed","type":"aws_network_acl","name":"elasticache","provider_config_key":"aws","expressions":{"subnet_ids":{"references":["aws_subnet.elasticache"]},"tags":{"references":["var.name","var.elasticache_subnet_suffix","var.tags","var.elasticache_acl_tags"]},"vpc_id":{"references":["local.vpc_id"]}},"schema_version":0,"count_expression":{"references":["local.create_elasticache_network_acl"]}},{"address":"aws_network_acl.intra","mode":"managed","type":"aws_network_acl","name":"intra","provider_config_key":"aws","expressions":{"subnet_ids":{"references":["aws_subnet.intra"]},"tags":{"references":["var.name","var.intra_subnet_suffix","var.tags","var.intra_acl_tags"]},"vpc_id":{"references":["local.vpc_id"]}},"schema_version":0,"count_expression":{"references":["local.create_intra_network_acl"]}},{"address":"aws_network_acl.outpost","mode":"managed","type":"aws_network_acl","name":"outpost","provider_config_key":"aws","expressions":{"subnet_ids":{"references":["aws_subnet.outpost"]},"tags":{"references":["var.name","var.outpost_subnet_suffix","var.tags","var.outpost_acl_tags"]},"vpc_id":{"references":["local.vpc_id"]}},"schema_version":0,"count_expression":{"references":["local.create_outpost_network_acl"]}},{"address":"aws_network_acl.private","mode":"managed","type":"aws_network_acl","name":"private","provider_config_key":"aws","expressions":{"subnet_ids":{"references":["aws_subnet.private"]},"tags":{"references":["var.name","var.private_subnet_suffix","var.tags","var.private_acl_tags"]},"vpc_id":{"references":["local.vpc_id"]}},"schema_version":0,"count_expression":{"references":["local.create_private_network_acl"]}},{"address":"aws_network_acl.public","mode":"managed","type":"aws_network_acl","name":"public","provider_config_key":"aws","expressions":{"subnet_ids":{"references":["aws_subnet.public"]},"tags":{"references":["var.name","var.public_subnet_suffix","var.tags","var.public_acl_tags"]},"vpc_id":{"references":["local.vpc_id"]}},"schema_version":0,"count_expression":{"references":["local.create_public_subnets","var.public_dedicated_network_acl"]}},{"address":"aws_network_acl.redshift","mode":"managed","type":"aws_network_acl","name":"redshift","provider_config_key":"aws","expressions":{"subnet_ids":{"references":["aws_subnet.redshift"]},"tags":{"references":["var.name","var.redshift_subnet_suffix","var.tags","var.redshift_acl_tags"]},"vpc_id":{"references":["local.vpc_id"]}},"schema_version":0,"count_expression":{"references":["local.create_redshift_network_acl"]}},{"address":"aws_network_acl_rule.database_inbound","mode":"managed","type":"aws_network_acl_rule","name":"database_inbound","provider_config_key":"aws","expressions":{"cidr_block":{"references":["var.database_inbound_acl_rules","count.index"]},"egress":{"constant_value":false},"from_port":{"references":["var.database_inbound_acl_rules","count.index"]},"icmp_code":{"references":["var.database_inbound_acl_rules","count.index"]},"icmp_type":{"references":["var.database_inbound_acl_rules","count.index"]},"ipv6_cidr_block":{"references":["var.database_inbound_acl_rules","count.index"]},"network_acl_id":{"references":["aws_network_acl.database[0].id","aws_network_acl.database[0]","aws_network_acl.database"]},"protocol":{"references":["var.database_inbound_acl_rules","count.index"]},"rule_action":{"references":["var.database_inbound_acl_rules","count.index"]},"rule_number":{"references":["var.database_inbound_acl_rules","count.index"]},"to_port":{"references":["var.database_inbound_acl_rules","count.index"]}},"schema_version":0,"count_expression":{"references":["local.create_database_network_acl","var.database_inbound_acl_rules"]}},{"address":"aws_network_acl_rule.database_outbound","mode":"managed","type":"aws_network_acl_rule","name":"database_outbound","provider_config_key":"aws","expressions":{"cidr_block":{"references":["var.database_outbound_acl_rules","count.index"]},"egress":{"constant_value":true},"from_port":{"references":["var.database_outbound_acl_rules","count.index"]},"icmp_code":{"references":["var.database_outbound_acl_rules","count.index"]},"icmp_type":{"references":["var.database_outbound_acl_rules","count.index"]},"ipv6_cidr_block":{"references":["var.database_outbound_acl_rules","count.index"]},"network_acl_id":{"references":["aws_network_acl.database[0].id","aws_network_acl.database[0]","aws_network_acl.database"]},"protocol":{"references":["var.database_outbound_acl_rules","count.index"]},"rule_action":{"references":["var.database_outbound_acl_rules","count.index"]},"rule_number":{"references":["var.database_outbound_acl_rules","count.index"]},"to_port":{"references":["var.database_outbound_acl_rules","count.index"]}},"schema_version":0,"count_expression":{"references":["local.create_database_network_acl","var.database_outbound_acl_rules"]}},{"address":"aws_network_acl_rule.elasticache_inbound","mode":"managed","type":"aws_network_acl_rule","name":"elasticache_inbound","provider_config_key":"aws","expressions":{"cidr_block":{"references":["var.elasticache_inbound_acl_rules","count.index"]},"egress":{"constant_value":false},"from_port":{"references":["var.elasticache_inbound_acl_rules","count.index"]},"icmp_code":{"references":["var.elasticache_inbound_acl_rules","count.index"]},"icmp_type":{"references":["var.elasticache_inbound_acl_rules","count.index"]},"ipv6_cidr_block":{"references":["var.elasticache_inbound_acl_rules","count.index"]},"network_acl_id":{"references":["aws_network_acl.elasticache[0].id","aws_network_acl.elasticache[0]","aws_network_acl.elasticache"]},"protocol":{"references":["var.elasticache_inbound_acl_rules","count.index"]},"rule_action":{"references":["var.elasticache_inbound_acl_rules","count.index"]},"rule_number":{"references":["var.elasticache_inbound_acl_rules","count.index"]},"to_port":{"references":["var.elasticache_inbound_acl_rules","count.index"]}},"schema_version":0,"count_expression":{"references":["local.create_elasticache_network_acl","var.elasticache_inbound_acl_rules"]}},{"address":"aws_network_acl_rule.elasticache_outbound","mode":"managed","type":"aws_network_acl_rule","name":"elasticache_outbound","provider_config_key":"aws","expressions":{"cidr_block":{"references":["var.elasticache_outbound_acl_rules","count.index"]},"egress":{"constant_value":true},"from_port":{"references":["var.elasticache_outbound_acl_rules","count.index"]},"icmp_code":{"references":["var.elasticache_outbound_acl_rules","count.index"]},"icmp_type":{"references":["var.elasticache_outbound_acl_rules","count.index"]},"ipv6_cidr_block":{"references":["var.elasticache_outbound_acl_rules","count.index"]},"network_acl_id":{"references":["aws_network_acl.elasticache[0].id","aws_network_acl.elasticache[0]","aws_network_acl.elasticache"]},"protocol":{"references":["var.elasticache_outbound_acl_rules","count.index"]},"rule_action":{"references":["var.elasticache_outbound_acl_rules","count.index"]},"rule_number":{"references":["var.elasticache_outbound_acl_rules","count.index"]},"to_port":{"references":["var.elasticache_outbound_acl_rules","count.index"]}},"schema_version":0,"count_expression":{"references":["local.create_elasticache_network_acl","var.elasticache_outbound_acl_rules"]}},{"address":"aws_network_acl_rule.intra_inbound","mode":"managed","type":"aws_network_acl_rule","name":"intra_inbound","provider_config_key":"aws","expressions":{"cidr_block":{"references":["var.intra_inbound_acl_rules","count.index"]},"egress":{"constant_value":false},"from_port":{"references":["var.intra_inbound_acl_rules","count.index"]},"icmp_code":{"references":["var.intra_inbound_acl_rules","count.index"]},"icmp_type":{"references":["var.intra_inbound_acl_rules","count.index"]},"ipv6_cidr_block":{"references":["var.intra_inbound_acl_rules","count.index"]},"network_acl_id":{"references":["aws_network_acl.intra[0].id","aws_network_acl.intra[0]","aws_network_acl.intra"]},"protocol":{"references":["var.intra_inbound_acl_rules","count.index"]},"rule_action":{"references":["var.intra_inbound_acl_rules","count.index"]},"rule_number":{"references":["var.intra_inbound_acl_rules","count.index"]},"to_port":{"references":["var.intra_inbound_acl_rules","count.index"]}},"schema_version":0,"count_expression":{"references":["local.create_intra_network_acl","var.intra_inbound_acl_rules"]}},{"address":"aws_network_acl_rule.intra_outbound","mode":"managed","type":"aws_network_acl_rule","name":"intra_outbound","provider_config_key":"aws","expressions":{"cidr_block":{"references":["var.intra_outbound_acl_rules","count.index"]},"egress":{"constant_value":true},"from_port":{"references":["var.intra_outbound_acl_rules","count.index"]},"icmp_code":{"references":["var.intra_outbound_acl_rules","count.index"]},"icmp_type":{"references":["var.intra_outbound_acl_rules","count.index"]},"ipv6_cidr_block":{"references":["var.intra_outbound_acl_rules","count.index"]},"network_acl_id":{"references":["aws_network_acl.intra[0].id","aws_network_acl.intra[0]","aws_network_acl.intra"]},"protocol":{"references":["var.intra_outbound_acl_rules","count.index"]},"rule_action":{"references":["var.intra_outbound_acl_rules","count.index"]},"rule_number":{"references":["var.intra_outbound_acl_rules","count.index"]},"to_port":{"references":["var.intra_outbound_acl_rules","count.index"]}},"schema_version":0,"count_expression":{"references":["local.create_intra_network_acl","var.intra_outbound_acl_rules"]}},{"address":"aws_network_acl_rule.outpost_inbound","mode":"managed","type":"aws_network_acl_rule","name":"outpost_inbound","provider_config_key":"aws","expressions":{"cidr_block":{"references":["var.outpost_inbound_acl_rules","count.index"]},"egress":{"constant_value":false},"from_port":{"references":["var.outpost_inbound_acl_rules","count.index"]},"icmp_code":{"references":["var.outpost_inbound_acl_rules","count.index"]},"icmp_type":{"references":["var.outpost_inbound_acl_rules","count.index"]},"ipv6_cidr_block":{"references":["var.outpost_inbound_acl_rules","count.index"]},"network_acl_id":{"references":["aws_network_acl.outpost[0].id","aws_network_acl.outpost[0]","aws_network_acl.outpost"]},"protocol":{"references":["var.outpost_inbound_acl_rules","count.index"]},"rule_action":{"references":["var.outpost_inbound_acl_rules","count.index"]},"rule_number":{"references":["var.outpost_inbound_acl_rules","count.index"]},"to_port":{"references":["var.outpost_inbound_acl_rules","count.index"]}},"schema_version":0,"count_expression":{"references":["local.create_outpost_network_acl","var.outpost_inbound_acl_rules"]}},{"address":"aws_network_acl_rule.outpost_outbound","mode":"managed","type":"aws_network_acl_rule","name":"outpost_outbound","provider_config_key":"aws","expressions":{"cidr_block":{"references":["var.outpost_outbound_acl_rules","count.index"]},"egress":{"constant_value":true},"from_port":{"references":["var.outpost_outbound_acl_rules","count.index"]},"icmp_code":{"references":["var.outpost_outbound_acl_rules","count.index"]},"icmp_type":{"references":["var.outpost_outbound_acl_rules","count.index"]},"ipv6_cidr_block":{"references":["var.outpost_outbound_acl_rules","count.index"]},"network_acl_id":{"references":["aws_network_acl.outpost[0].id","aws_network_acl.outpost[0]","aws_network_acl.outpost"]},"protocol":{"references":["var.outpost_outbound_acl_rules","count.index"]},"rule_action":{"references":["var.outpost_outbound_acl_rules","count.index"]},"rule_number":{"references":["var.outpost_outbound_acl_rules","count.index"]},"to_port":{"references":["var.outpost_outbound_acl_rules","count.index"]}},"schema_version":0,"count_expression":{"references":["local.create_outpost_network_acl","var.outpost_outbound_acl_rules"]}},{"address":"aws_network_acl_rule.private_inbound","mode":"managed","type":"aws_network_acl_rule","name":"private_inbound","provider_config_key":"aws","expressions":{"cidr_block":{"references":["var.private_inbound_acl_rules","count.index"]},"egress":{"constant_value":false},"from_port":{"references":["var.private_inbound_acl_rules","count.index"]},"icmp_code":{"references":["var.private_inbound_acl_rules","count.index"]},"icmp_type":{"references":["var.private_inbound_acl_rules","count.index"]},"ipv6_cidr_block":{"references":["var.private_inbound_acl_rules","count.index"]},"network_acl_id":{"references":["aws_network_acl.private[0].id","aws_network_acl.private[0]","aws_network_acl.private"]},"protocol":{"references":["var.private_inbound_acl_rules","count.index"]},"rule_action":{"references":["var.private_inbound_acl_rules","count.index"]},"rule_number":{"references":["var.private_inbound_acl_rules","count.index"]},"to_port":{"references":["var.private_inbound_acl_rules","count.index"]}},"schema_version":0,"count_expression":{"references":["local.create_private_network_acl","var.private_inbound_acl_rules"]}},{"address":"aws_network_acl_rule.private_outbound","mode":"managed","type":"aws_network_acl_rule","name":"private_outbound","provider_config_key":"aws","expressions":{"cidr_block":{"references":["var.private_outbound_acl_rules","count.index"]},"egress":{"constant_value":true},"from_port":{"references":["var.private_outbound_acl_rules","count.index"]},"icmp_code":{"references":["var.private_outbound_acl_rules","count.index"]},"icmp_type":{"references":["var.private_outbound_acl_rules","count.index"]},"ipv6_cidr_block":{"references":["var.private_outbound_acl_rules","count.index"]},"network_acl_id":{"references":["aws_network_acl.private[0].id","aws_network_acl.private[0]","aws_network_acl.private"]},"protocol":{"references":["var.private_outbound_acl_rules","count.index"]},"rule_action":{"references":["var.private_outbound_acl_rules","count.index"]},"rule_number":{"references":["var.private_outbound_acl_rules","count.index"]},"to_port":{"references":["var.private_outbound_acl_rules","count.index"]}},"schema_version":0,"count_expression":{"references":["local.create_private_network_acl","var.private_outbound_acl_rules"]}},{"address":"aws_network_acl_rule.public_inbound","mode":"managed","type":"aws_network_acl_rule","name":"public_inbound","provider_config_key":"aws","expressions":{"cidr_block":{"references":["var.public_inbound_acl_rules","count.index"]},"egress":{"constant_value":false},"from_port":{"references":["var.public_inbound_acl_rules","count.index"]},"icmp_code":{"references":["var.public_inbound_acl_rules","count.index"]},"icmp_type":{"references":["var.public_inbound_acl_rules","count.index"]},"ipv6_cidr_block":{"references":["var.public_inbound_acl_rules","count.index"]},"network_acl_id":{"references":["aws_network_acl.public[0].id","aws_network_acl.public[0]","aws_network_acl.public"]},"protocol":{"references":["var.public_inbound_acl_rules","count.index"]},"rule_action":{"references":["var.public_inbound_acl_rules","count.index"]},"rule_number":{"references":["var.public_inbound_acl_rules","count.index"]},"to_port":{"references":["var.public_inbound_acl_rules","count.index"]}},"schema_version":0,"count_expression":{"references":["local.create_public_subnets","var.public_dedicated_network_acl","var.public_inbound_acl_rules"]}},{"address":"aws_network_acl_rule.public_outbound","mode":"managed","type":"aws_network_acl_rule","name":"public_outbound","provider_config_key":"aws","expressions":{"cidr_block":{"references":["var.public_outbound_acl_rules","count.index"]},"egress":{"constant_value":true},"from_port":{"references":["var.public_outbound_acl_rules","count.index"]},"icmp_code":{"references":["var.public_outbound_acl_rules","count.index"]},"icmp_type":{"references":["var.public_outbound_acl_rules","count.index"]},"ipv6_cidr_block":{"references":["var.public_outbound_acl_rules","count.index"]},"network_acl_id":{"references":["aws_network_acl.public[0].id","aws_network_acl.public[0]","aws_network_acl.public"]},"protocol":{"references":["var.public_outbound_acl_rules","count.index"]},"rule_action":{"references":["var.public_outbound_acl_rules","count.index"]},"rule_number":{"references":["var.public_outbound_acl_rules","count.index"]},"to_port":{"references":["var.public_outbound_acl_rules","count.index"]}},"schema_version":0,"count_expression":{"references":["local.create_public_subnets","var.public_dedicated_network_acl","var.public_outbound_acl_rules"]}},{"address":"aws_network_acl_rule.redshift_inbound","mode":"managed","type":"aws_network_acl_rule","name":"redshift_inbound","provider_config_key":"aws","expressions":{"cidr_block":{"references":["var.redshift_inbound_acl_rules","count.index"]},"egress":{"constant_value":false},"from_port":{"references":["var.redshift_inbound_acl_rules","count.index"]},"icmp_code":{"references":["var.redshift_inbound_acl_rules","count.index"]},"icmp_type":{"references":["var.redshift_inbound_acl_rules","count.index"]},"ipv6_cidr_block":{"references":["var.redshift_inbound_acl_rules","count.index"]},"network_acl_id":{"references":["aws_network_acl.redshift[0].id","aws_network_acl.redshift[0]","aws_network_acl.redshift"]},"protocol":{"references":["var.redshift_inbound_acl_rules","count.index"]},"rule_action":{"references":["var.redshift_inbound_acl_rules","count.index"]},"rule_number":{"references":["var.redshift_inbound_acl_rules","count.index"]},"to_port":{"references":["var.redshift_inbound_acl_rules","count.index"]}},"schema_version":0,"count_expression":{"references":["local.create_redshift_network_acl","var.redshift_inbound_acl_rules"]}},{"address":"aws_network_acl_rule.redshift_outbound","mode":"managed","type":"aws_network_acl_rule","name":"redshift_outbound","provider_config_key":"aws","expressions":{"cidr_block":{"references":["var.redshift_outbound_acl_rules","count.index"]},"egress":{"constant_value":true},"from_port":{"references":["var.redshift_outbound_acl_rules","count.index"]},"icmp_code":{"references":["var.redshift_outbound_acl_rules","count.index"]},"icmp_type":{"references":["var.redshift_outbound_acl_rules","count.index"]},"ipv6_cidr_block":{"references":["var.redshift_outbound_acl_rules","count.index"]},"network_acl_id":{"references":["aws_network_acl.redshift[0].id","aws_network_acl.redshift[0]","aws_network_acl.redshift"]},"protocol":{"references":["var.redshift_outbound_acl_rules","count.index"]},"rule_action":{"references":["var.redshift_outbound_acl_rules","count.index"]},"rule_number":{"references":["var.redshift_outbound_acl_rules","count.index"]},"to_port":{"references":["var.redshift_outbound_acl_rules","count.index"]}},"schema_version":0,"count_expression":{"references":["local.create_redshift_network_acl","var.redshift_outbound_acl_rules"]}},{"address":"aws_redshift_subnet_group.redshift","mode":"managed","type":"aws_redshift_subnet_group","name":"redshift","provider_config_key":"aws","expressions":{"description":{"references":["var.name"]},"name":{"references":["var.redshift_subnet_group_name","var.name"]},"subnet_ids":{"references":["aws_subnet.redshift"]},"tags":{"references":["var.redshift_subnet_group_name","var.name","var.tags","var.redshift_subnet_group_tags"]}},"schema_version":0,"count_expression":{"references":["local.create_redshift_subnets","var.create_redshift_subnet_group"]}},{"address":"aws_route.database_dns64_nat_gateway","mode":"managed","type":"aws_route","name":"database_dns64_nat_gateway","provider_config_key":"aws","expressions":{"destination_ipv6_cidr_block":{"constant_value":"64:ff9b::/96"},"nat_gateway_id":{"references":["aws_nat_gateway.this","count.index"]},"route_table_id":{"references":["aws_route_table.database","count.index"]},"timeouts":{"create":{"constant_value":"5m"}}},"schema_version":0,"count_expression":{"references":["local.create_database_route_table","var.create_database_internet_gateway_route","var.create_database_nat_gateway_route","var.enable_nat_gateway","var.enable_ipv6","var.private_subnet_enable_dns64","var.single_nat_gateway","local.len_database_subnets"]}},{"address":"aws_route.database_internet_gateway","mode":"managed","type":"aws_route","name":"database_internet_gateway","provider_config_key":"aws","expressions":{"destination_cidr_block":{"constant_value":"0.0.0.0/0"},"gateway_id":{"references":["aws_internet_gateway.this[0].id","aws_internet_gateway.this[0]","aws_internet_gateway.this"]},"route_table_id":{"references":["aws_route_table.database[0].id","aws_route_table.database[0]","aws_route_table.database"]},"timeouts":{"create":{"constant_value":"5m"}}},"schema_version":0,"count_expression":{"references":["local.create_database_route_table","var.create_igw","var.create_database_internet_gateway_route","var.create_database_nat_gateway_route"]}},{"address":"aws_route.database_ipv6_egress","mode":"managed","type":"aws_route","name":"database_ipv6_egress","provider_config_key":"aws","expressions":{"destination_ipv6_cidr_block":{"constant_value":"::/0"},"egress_only_gateway_id":{"references":["aws_egress_only_internet_gateway.this[0].id","aws_egress_only_internet_gateway.this[0]","aws_egress_only_internet_gateway.this"]},"route_table_id":{"references":["aws_route_table.database[0].id","aws_route_table.database[0]","aws_route_table.database"]},"timeouts":{"create":{"constant_value":"5m"}}},"schema_version":0,"count_expression":{"references":["local.create_database_route_table","var.create_egress_only_igw","var.enable_ipv6","var.create_database_internet_gateway_route"]}},{"address":"aws_route.database_nat_gateway","mode":"managed","type":"aws_route","name":"database_nat_gateway","provider_config_key":"aws","expressions":{"destination_cidr_block":{"constant_value":"0.0.0.0/0"},"nat_gateway_id":{"references":["aws_nat_gateway.this","count.index"]},"route_table_id":{"references":["aws_route_table.database","count.index"]},"timeouts":{"create":{"constant_value":"5m"}}},"schema_version":0,"count_expression":{"references":["local.create_database_route_table","var.create_database_internet_gateway_route","var.create_database_nat_gateway_route","var.enable_nat_gateway","var.single_nat_gateway","local.len_database_subnets"]}},{"address":"aws_route.private_dns64_nat_gateway","mode":"managed","type":"aws_route","name":"private_dns64_nat_gateway","provider_config_key":"aws","expressions":{"destination_ipv6_cidr_block":{"constant_value":"64:ff9b::/96"},"nat_gateway_id":{"references":["aws_nat_gateway.this","count.index"]},"route_table_id":{"references":["aws_route_table.private","count.index"]},"timeouts":{"create":{"constant_value":"5m"}}},"schema_version":0,"count_expression":{"references":["local.create_vpc","var.enable_nat_gateway","var.enable_ipv6","var.private_subnet_enable_dns64","local.nat_gateway_count"]}},{"address":"aws_route.private_ipv6_egress","mode":"managed","type":"aws_route","name":"private_ipv6_egress","provider_config_key":"aws","expressions":{"destination_ipv6_cidr_block":{"constant_value":"::/0"},"egress_only_gateway_id":{"references":["aws_egress_only_internet_gateway.this"]},"route_table_id":{"references":["aws_route_table.private","count.index"]}},"schema_version":0,"count_expression":{"references":["local.create_vpc","var.create_egress_only_igw","var.enable_ipv6","local.len_private_subnets"]}},{"address":"aws_route.private_nat_gateway","mode":"managed","type":"aws_route","name":"private_nat_gateway","provider_config_key":"aws","expressions":{"destination_cidr_block":{"references":["var.nat_gateway_destination_cidr_block"]},"nat_gateway_id":{"references":["aws_nat_gateway.this","count.index"]},"route_table_id":{"references":["aws_route_table.private","count.index"]},"timeouts":{"create":{"constant_value":"5m"}}},"schema_version":0,"count_expression":{"references":["local.create_vpc","var.enable_nat_gateway","local.nat_gateway_count"]}},{"address":"aws_route.public_internet_gateway","mode":"managed","type":"aws_route","name":"public_internet_gateway","provider_config_key":"aws","expressions":{"destination_cidr_block":{"constant_value":"0.0.0.0/0"},"gateway_id":{"references":["aws_internet_gateway.this[0].id","aws_internet_gateway.this[0]","aws_internet_gateway.this"]},"route_table_id":{"references":["aws_route_table.public[0].id","aws_route_table.public[0]","aws_route_table.public"]},"timeouts":{"create":{"constant_value":"5m"}}},"schema_version":0,"count_expression":{"references":["local.create_public_subnets","var.create_igw"]}},{"address":"aws_route.public_internet_gateway_ipv6","mode":"managed","type":"aws_route","name":"public_internet_gateway_ipv6","provider_config_key":"aws","expressions":{"destination_ipv6_cidr_block":{"constant_value":"::/0"},"gateway_id":{"references":["aws_internet_gateway.this[0].id","aws_internet_gateway.this[0]","aws_internet_gateway.this"]},"route_table_id":{"references":["aws_route_table.public[0].id","aws_route_table.public[0]","aws_route_table.public"]}},"schema_version":0,"count_expression":{"references":["local.create_public_subnets","var.create_igw","var.enable_ipv6"]}},{"address":"aws_route_table.database","mode":"managed","type":"aws_route_table","name":"database","provider_config_key":"aws","expressions":{"tags":{"references":["var.single_nat_gateway","var.create_database_internet_gateway_route","var.name","var.database_subnet_suffix","var.name","var.database_subnet_suffix","var.azs","count.index","var.tags","var.database_route_table_tags"]},"vpc_id":{"references":["local.vpc_id"]}},"schema_version":0,"count_expression":{"references":["local.create_database_route_table","var.single_nat_gateway","var.create_database_internet_gateway_route","local.len_database_subnets"]}},{"address":"aws_route_table.elasticache","mode":"managed","type":"aws_route_table","name":"elasticache","provider_config_key":"aws","expressions":{"tags":{"references":["var.name","var.elasticache_subnet_suffix","var.tags","var.elasticache_route_table_tags"]},"vpc_id":{"references":["local.vpc_id"]}},"schema_version":0,"count_expression":{"references":["local.create_elasticache_route_table"]}},{"address":"aws_route_table.intra","mode":"managed","type":"aws_route_table","name":"intra","provider_config_key":"aws","expressions":{"tags":{"references":["var.name","var.intra_subnet_suffix","var.tags","var.intra_route_table_tags"]},"vpc_id":{"references":["local.vpc_id"]}},"schema_version":0,"count_expression":{"references":["local.create_intra_subnets"]}},{"address":"aws_route_table.private","mode":"managed","type":"aws_route_table","name":"private","provider_config_key":"aws","expressions":{"tags":{"references":["var.single_nat_gateway","var.name","var.private_subnet_suffix","var.name","var.private_subnet_suffix","var.azs","count.index","var.tags","var.private_route_table_tags"]},"vpc_id":{"references":["local.vpc_id"]}},"schema_version":0,"count_expression":{"references":["local.create_private_subnets","local.max_subnet_length","local.nat_gateway_count"]}},{"address":"aws_route_table.public","mode":"managed","type":"aws_route_table","name":"public","provider_config_key":"aws","expressions":{"tags":{"references":["var.name","var.public_subnet_suffix","var.tags","var.public_route_table_tags"]},"vpc_id":{"references":["local.vpc_id"]}},"schema_version":0,"count_expression":{"references":["local.create_public_subnets"]}},{"address":"aws_route_table.redshift","mode":"managed","type":"aws_route_table","name":"redshift","provider_config_key":"aws","expressions":{"tags":{"references":["var.name","var.redshift_subnet_suffix","var.tags","var.redshift_route_table_tags"]},"vpc_id":{"references":["local.vpc_id"]}},"schema_version":0,"count_expression":{"references":["local.create_redshift_route_table"]}},{"address":"aws_route_table_association.database","mode":"managed","type":"aws_route_table_association","name":"database","provider_config_key":"aws","expressions":{"route_table_id":{"references":["aws_route_table.database","aws_route_table.private","var.create_database_subnet_route_table","var.single_nat_gateway","var.create_database_internet_gateway_route","count.index","count.index"]},"subnet_id":{"references":["aws_subnet.database","count.index"]}},"schema_version":0,"count_expression":{"references":["local.create_database_subnets","local.len_database_subnets"]}},{"address":"aws_route_table_association.elasticache","mode":"managed","type":"aws_route_table_association","name":"elasticache","provider_config_key":"aws","expressions":{"route_table_id":{"references":["aws_route_table.elasticache","aws_route_table.private","var.single_nat_gateway","var.create_elasticache_subnet_route_table","count.index"]},"subnet_id":{"references":["aws_subnet.elasticache","count.index"]}},"schema_version":0,"count_expression":{"references":["local.create_elasticache_subnets","local.len_elasticache_subnets"]}},{"address":"aws_route_table_association.intra","mode":"managed","type":"aws_route_table_association","name":"intra","provider_config_key":"aws","expressions":{"route_table_id":{"references":["aws_route_table.intra"]},"subnet_id":{"references":["aws_subnet.intra","count.index"]}},"schema_version":0,"count_expression":{"references":["local.create_intra_subnets","local.len_intra_subnets"]}},{"address":"aws_route_table_association.outpost","mode":"managed","type":"aws_route_table_association","name":"outpost","provider_config_key":"aws","expressions":{"route_table_id":{"references":["aws_route_table.private","var.single_nat_gateway","count.index"]},"subnet_id":{"references":["aws_subnet.outpost","count.index"]}},"schema_version":0,"count_expression":{"references":["local.create_outpost_subnets","local.len_outpost_subnets"]}},{"address":"aws_route_table_association.private","mode":"managed","type":"aws_route_table_association","name":"private","provider_config_key":"aws","expressions":{"route_table_id":{"references":["aws_route_table.private","var.single_nat_gateway","count.index"]},"subnet_id":{"references":["aws_subnet.private","count.index"]}},"schema_version":0,"count_expression":{"references":["local.create_private_subnets","local.len_private_subnets"]}},{"address":"aws_route_table_association.public","mode":"managed","type":"aws_route_table_association","name":"public","provider_config_key":"aws","expressions":{"route_table_id":{"references":["aws_route_table.public[0].id","aws_route_table.public[0]","aws_route_table.public"]},"subnet_id":{"references":["aws_subnet.public","count.index"]}},"schema_version":0,"count_expression":{"references":["local.create_public_subnets","local.len_public_subnets"]}},{"address":"aws_route_table_association.redshift","mode":"managed","type":"aws_route_table_association","name":"redshift","provider_config_key":"aws","expressions":{"route_table_id":{"references":["aws_route_table.redshift","aws_route_table.private","var.single_nat_gateway","var.create_redshift_subnet_route_table","count.index"]},"subnet_id":{"references":["aws_subnet.redshift","count.index"]}},"schema_version":0,"count_expression":{"references":["local.create_redshift_subnets","var.enable_public_redshift","local.len_redshift_subnets"]}},{"address":"aws_route_table_association.redshift_public","mode":"managed","type":"aws_route_table_association","name":"redshift_public","provider_config_key":"aws","expressions":{"route_table_id":{"references":["aws_route_table.redshift","aws_route_table.public","var.single_nat_gateway","var.create_redshift_subnet_route_table","count.index"]},"subnet_id":{"references":["aws_subnet.redshift","count.index"]}},"schema_version":0,"count_expression":{"references":["local.create_redshift_subnets","var.enable_public_redshift","local.len_redshift_subnets"]}},{"address":"aws_subnet.database","mode":"managed","type":"aws_subnet","name":"database","provider_config_key":"aws","expressions":{"assign_ipv6_address_on_creation":{"references":["var.enable_ipv6","var.database_subnet_ipv6_native","var.database_subnet_assign_ipv6_address_on_creation"]},"availability_zone":{"references":["var.azs","count.index","var.azs","count.index"]},"availability_zone_id":{"references":["var.azs","count.index","var.azs","count.index"]},"cidr_block":{"references":["var.database_subnet_ipv6_native","var.database_subnets","count.index"]},"enable_dns64":{"references":["var.enable_ipv6","var.database_subnet_enable_dns64"]},"enable_resource_name_dns_a_record_on_launch":{"references":["var.database_subnet_ipv6_native","var.database_subnet_enable_resource_name_dns_a_record_on_launch"]},"enable_resource_name_dns_aaaa_record_on_launch":{"references":["var.enable_ipv6","var.database_subnet_enable_resource_name_dns_aaaa_record_on_launch"]},"ipv6_cidr_block":{"references":["var.enable_ipv6","var.database_subnet_ipv6_prefixes","aws_vpc.this[0].ipv6_cidr_block","aws_vpc.this[0]","aws_vpc.this","var.database_subnet_ipv6_prefixes","count.index"]},"ipv6_native":{"references":["var.enable_ipv6","var.database_subnet_ipv6_native"]},"private_dns_hostname_type_on_launch":{"references":["var.database_subnet_private_dns_hostname_type_on_launch"]},"tags":{"references":["var.database_subnet_names","count.index","var.name","var.database_subnet_suffix","var.azs","count.index","var.tags","var.database_subnet_tags"]},"vpc_id":{"references":["local.vpc_id"]}},"schema_version":1,"count_expression":{"references":["local.create_database_subnets","local.len_database_subnets"]}},{"address":"aws_subnet.elasticache","mode":"managed","type":"aws_subnet","name":"elasticache","provider_config_key":"aws","expressions":{"assign_ipv6_address_on_creation":{"references":["var.enable_ipv6","var.elasticache_subnet_ipv6_native","var.elasticache_subnet_assign_ipv6_address_on_creation"]},"availability_zone":{"references":["var.azs","count.index","var.azs","count.index"]},"availability_zone_id":{"references":["var.azs","count.index","var.azs","count.index"]},"cidr_block":{"references":["var.elasticache_subnet_ipv6_native","var.elasticache_subnets","count.index"]},"enable_dns64":{"references":["var.enable_ipv6","var.elasticache_subnet_enable_dns64"]},"enable_resource_name_dns_a_record_on_launch":{"references":["var.elasticache_subnet_ipv6_native","var.elasticache_subnet_enable_resource_name_dns_a_record_on_launch"]},"enable_resource_name_dns_aaaa_record_on_launch":{"references":["var.enable_ipv6","var.elasticache_subnet_enable_resource_name_dns_aaaa_record_on_launch"]},"ipv6_cidr_block":{"references":["var.enable_ipv6","var.elasticache_subnet_ipv6_prefixes","aws_vpc.this[0].ipv6_cidr_block","aws_vpc.this[0]","aws_vpc.this","var.elasticache_subnet_ipv6_prefixes","count.index"]},"ipv6_native":{"references":["var.enable_ipv6","var.elasticache_subnet_ipv6_native"]},"private_dns_hostname_type_on_launch":{"references":["var.elasticache_subnet_private_dns_hostname_type_on_launch"]},"tags":{"references":["var.elasticache_subnet_names","count.index","var.name","var.elasticache_subnet_suffix","var.azs","count.index","var.tags","var.elasticache_subnet_tags"]},"vpc_id":{"references":["local.vpc_id"]}},"schema_version":1,"count_expression":{"references":["local.create_elasticache_subnets","local.len_elasticache_subnets"]}},{"address":"aws_subnet.intra","mode":"managed","type":"aws_subnet","name":"intra","provider_config_key":"aws","expressions":{"assign_ipv6_address_on_creation":{"references":["var.enable_ipv6","var.intra_subnet_ipv6_native","var.intra_subnet_assign_ipv6_address_on_creation"]},"availability_zone":{"references":["var.azs","count.index","var.azs","count.index"]},"availability_zone_id":{"references":["var.azs","count.index","var.azs","count.index"]},"cidr_block":{"references":["var.intra_subnet_ipv6_native","var.intra_subnets","count.index"]},"enable_dns64":{"references":["var.enable_ipv6","var.intra_subnet_enable_dns64"]},"enable_resource_name_dns_a_record_on_launch":{"references":["var.intra_subnet_ipv6_native","var.intra_subnet_enable_resource_name_dns_a_record_on_launch"]},"enable_resource_name_dns_aaaa_record_on_launch":{"references":["var.enable_ipv6","var.intra_subnet_enable_resource_name_dns_aaaa_record_on_launch"]},"ipv6_cidr_block":{"references":["var.enable_ipv6","var.intra_subnet_ipv6_prefixes","aws_vpc.this[0].ipv6_cidr_block","aws_vpc.this[0]","aws_vpc.this","var.intra_subnet_ipv6_prefixes","count.index"]},"ipv6_native":{"references":["var.enable_ipv6","var.intra_subnet_ipv6_native"]},"private_dns_hostname_type_on_launch":{"references":["var.intra_subnet_private_dns_hostname_type_on_launch"]},"tags":{"references":["var.intra_subnet_names","count.index","var.name","var.intra_subnet_suffix","var.azs","count.index","var.tags","var.intra_subnet_tags"]},"vpc_id":{"references":["local.vpc_id"]}},"schema_version":1,"count_expression":{"references":["local.create_intra_subnets","local.len_intra_subnets"]}},{"address":"aws_subnet.outpost","mode":"managed","type":"aws_subnet","name":"outpost","provider_config_key":"aws","expressions":{"assign_ipv6_address_on_creation":{"references":["var.enable_ipv6","var.outpost_subnet_ipv6_native","var.outpost_subnet_assign_ipv6_address_on_creation"]},"availability_zone":{"references":["var.outpost_az"]},"cidr_block":{"references":["var.outpost_subnet_ipv6_native","var.outpost_subnets","count.index"]},"customer_owned_ipv4_pool":{"references":["var.customer_owned_ipv4_pool"]},"enable_dns64":{"references":["var.enable_ipv6","var.outpost_subnet_enable_dns64"]},"enable_resource_name_dns_a_record_on_launch":{"references":["var.outpost_subnet_ipv6_native","var.outpost_subnet_enable_resource_name_dns_a_record_on_launch"]},"enable_resource_name_dns_aaaa_record_on_launch":{"references":["var.enable_ipv6","var.outpost_subnet_enable_resource_name_dns_aaaa_record_on_launch"]},"ipv6_cidr_block":{"references":["var.enable_ipv6","var.outpost_subnet_ipv6_prefixes","aws_vpc.this[0].ipv6_cidr_block","aws_vpc.this[0]","aws_vpc.this","var.outpost_subnet_ipv6_prefixes","count.index"]},"ipv6_native":{"references":["var.enable_ipv6","var.outpost_subnet_ipv6_native"]},"map_customer_owned_ip_on_launch":{"references":["var.map_customer_owned_ip_on_launch"]},"outpost_arn":{"references":["var.outpost_arn"]},"private_dns_hostname_type_on_launch":{"references":["var.outpost_subnet_private_dns_hostname_type_on_launch"]},"tags":{"references":["var.outpost_subnet_names","count.index","var.name","var.outpost_subnet_suffix","var.outpost_az","var.tags","var.outpost_subnet_tags"]},"vpc_id":{"references":["local.vpc_id"]}},"schema_version":1,"count_expression":{"references":["local.create_outpost_subnets","local.len_outpost_subnets"]}},{"address":"aws_subnet.private","mode":"managed","type":"aws_subnet","name":"private","provider_config_key":"aws","expressions":{"assign_ipv6_address_on_creation":{"references":["var.enable_ipv6","var.private_subnet_ipv6_native","var.private_subnet_assign_ipv6_address_on_creation"]},"availability_zone":{"references":["var.azs","count.index","var.azs","count.index"]},"availability_zone_id":{"references":["var.azs","count.index","var.azs","count.index"]},"cidr_block":{"references":["var.private_subnet_ipv6_native","var.private_subnets","count.index"]},"enable_dns64":{"references":["var.enable_ipv6","var.private_subnet_enable_dns64"]},"enable_resource_name_dns_a_record_on_launch":{"references":["var.private_subnet_ipv6_native","var.private_subnet_enable_resource_name_dns_a_record_on_launch"]},"enable_resource_name_dns_aaaa_record_on_launch":{"references":["var.enable_ipv6","var.private_subnet_enable_resource_name_dns_aaaa_record_on_launch"]},"ipv6_cidr_block":{"references":["var.enable_ipv6","var.private_subnet_ipv6_prefixes","aws_vpc.this[0].ipv6_cidr_block","aws_vpc.this[0]","aws_vpc.this","var.private_subnet_ipv6_prefixes","count.index"]},"ipv6_native":{"references":["var.enable_ipv6","var.private_subnet_ipv6_native"]},"private_dns_hostname_type_on_launch":{"references":["var.private_subnet_private_dns_hostname_type_on_launch"]},"tags":{"references":["var.private_subnet_names","count.index","var.name","var.private_subnet_suffix","var.azs","count.index","var.tags","var.private_subnet_tags","var.private_subnet_tags_per_az","var.azs","count.index"]},"vpc_id":{"references":["local.vpc_id"]}},"schema_version":1,"count_expression":{"references":["local.create_private_subnets","local.len_private_subnets"]}},{"address":"aws_subnet.public","mode":"managed","type":"aws_subnet","name":"public","provider_config_key":"aws","expressions":{"assign_ipv6_address_on_creation":{"references":["var.enable_ipv6","var.public_subnet_ipv6_native","var.public_subnet_assign_ipv6_address_on_creation"]},"availability_zone":{"references":["var.azs","count.index","var.azs","count.index"]},"availability_zone_id":{"references":["var.azs","count.index","var.azs","count.index"]},"cidr_block":{"references":["var.public_subnet_ipv6_native","var.public_subnets","count.index"]},"enable_dns64":{"references":["var.enable_ipv6","var.public_subnet_enable_dns64"]},"enable_resource_name_dns_a_record_on_launch":{"references":["var.public_subnet_ipv6_native","var.public_subnet_enable_resource_name_dns_a_record_on_launch"]},"enable_resource_name_dns_aaaa_record_on_launch":{"references":["var.enable_ipv6","var.public_subnet_enable_resource_name_dns_aaaa_record_on_launch"]},"ipv6_cidr_block":{"references":["var.enable_ipv6","var.public_subnet_ipv6_prefixes","aws_vpc.this[0].ipv6_cidr_block","aws_vpc.this[0]","aws_vpc.this","var.public_subnet_ipv6_prefixes","count.index"]},"ipv6_native":{"references":["var.enable_ipv6","var.public_subnet_ipv6_native"]},"map_public_ip_on_launch":{"references":["var.map_public_ip_on_launch"]},"private_dns_hostname_type_on_launch":{"references":["var.public_subnet_private_dns_hostname_type_on_launch"]},"tags":{"references":["var.public_subnet_names","count.index","var.name","var.public_subnet_suffix","var.azs","count.index","var.tags","var.public_subnet_tags","var.public_subnet_tags_per_az","var.azs","count.index"]},"vpc_id":{"references":["local.vpc_id"]}},"schema_version":1,"count_expression":{"references":["local.create_public_subnets","var.one_nat_gateway_per_az","local.len_public_subnets","var.azs","local.len_public_subnets"]}},{"address":"aws_subnet.redshift","mode":"managed","type":"aws_subnet","name":"redshift","provider_config_key":"aws","expressions":{"assign_ipv6_address_on_creation":{"references":["var.enable_ipv6","var.redshift_subnet_ipv6_native","var.redshift_subnet_assign_ipv6_address_on_creation"]},"availability_zone":{"references":["var.azs","count.index","var.azs","count.index"]},"availability_zone_id":{"references":["var.azs","count.index","var.azs","count.index"]},"cidr_block":{"references":["var.redshift_subnet_ipv6_native","var.redshift_subnets","count.index"]},"enable_dns64":{"references":["var.enable_ipv6","var.redshift_subnet_enable_dns64"]},"enable_resource_name_dns_a_record_on_launch":{"references":["var.redshift_subnet_ipv6_native","var.redshift_subnet_enable_resource_name_dns_a_record_on_launch"]},"enable_resource_name_dns_aaaa_record_on_launch":{"references":["var.enable_ipv6","var.redshift_subnet_enable_resource_name_dns_aaaa_record_on_launch"]},"ipv6_cidr_block":{"references":["var.enable_ipv6","var.redshift_subnet_ipv6_prefixes","aws_vpc.this[0].ipv6_cidr_block","aws_vpc.this[0]","aws_vpc.this","var.redshift_subnet_ipv6_prefixes","count.index"]},"ipv6_native":{"references":["var.enable_ipv6","var.redshift_subnet_ipv6_native"]},"private_dns_hostname_type_on_launch":{"references":["var.redshift_subnet_private_dns_hostname_type_on_launch"]},"tags":{"references":["var.redshift_subnet_names","count.index","var.name","var.redshift_subnet_suffix","var.azs","count.index","var.tags","var.redshift_subnet_tags"]},"vpc_id":{"references":["local.vpc_id"]}},"schema_version":1,"count_expression":{"references":["local.create_redshift_subnets","local.len_redshift_subnets"]}},{"address":"aws_vpc.this","mode":"managed","type":"aws_vpc","name":"this","provider_config_key":"aws","expressions":{"assign_generated_ipv6_cidr_block":{"references":["var.enable_ipv6","var.use_ipam_pool"]},"cidr_block":{"references":["var.use_ipam_pool","var.cidr"]},"enable_dns_hostnames":{"references":["var.enable_dns_hostnames"]},"enable_dns_support":{"references":["var.enable_dns_support"]},"enable_network_address_usage_metrics":{"references":["var.enable_network_address_usage_metrics"]},"instance_tenancy":{"references":["var.instance_tenancy"]},"ipv4_ipam_pool_id":{"references":["var.ipv4_ipam_pool_id"]},"ipv4_netmask_length":{"references":["var.ipv4_netmask_length"]},"ipv6_cidr_block":{"references":["var.ipv6_cidr"]},"ipv6_cidr_block_network_border_group":{"references":["var.ipv6_cidr_block_network_border_group"]},"ipv6_ipam_pool_id":{"references":["var.ipv6_ipam_pool_id"]},"ipv6_netmask_length":{"references":["var.ipv6_netmask_length"]},"tags":{"references":["var.name","var.tags","var.vpc_tags"]}},"schema_version":1,"count_expression":{"references":["local.create_vpc"]}},{"address":"aws_vpc_dhcp_options.this","mode":"managed","type":"aws_vpc_dhcp_options","name":"this","provider_config_key":"aws","expressions":{"domain_name":{"references":["var.dhcp_options_domain_name"]},"domain_name_servers":{"references":["var.dhcp_options_domain_name_servers"]},"netbios_name_servers":{"references":["var.dhcp_options_netbios_name_servers"]},"netbios_node_type":{"references":["var.dhcp_options_netbios_node_type"]},"ntp_servers":{"references":["var.dhcp_options_ntp_servers"]},"tags":{"references":["var.name","var.tags","var.dhcp_options_tags"]}},"schema_version":0,"count_expression":{"references":["local.create_vpc","var.enable_dhcp_options"]}},{"address":"aws_vpc_dhcp_options_association.this","mode":"managed","type":"aws_vpc_dhcp_options_association","name":"this","provider_config_key":"aws","expressions":{"dhcp_options_id":{"references":["aws_vpc_dhcp_options.this[0].id","aws_vpc_dhcp_options.this[0]","aws_vpc_dhcp_options.this"]},"vpc_id":{"references":["local.vpc_id"]}},"schema_version":0,"count_expression":{"references":["local.create_vpc","var.enable_dhcp_options"]}},{"address":"aws_vpc_ipv4_cidr_block_association.this","mode":"managed","type":"aws_vpc_ipv4_cidr_block_association","name":"this","provider_config_key":"aws","expressions":{"cidr_block":{"references":["var.secondary_cidr_blocks","count.index"]},"vpc_id":{"references":["aws_vpc.this[0].id","aws_vpc.this[0]","aws_vpc.this"]}},"schema_version":0,"count_expression":{"references":["local.create_vpc","var.secondary_cidr_blocks","var.secondary_cidr_blocks"]}},{"address":"aws_vpn_gateway.this","mode":"managed","type":"aws_vpn_gateway","name":"this","provider_config_key":"aws","expressions":{"amazon_side_asn":{"references":["var.amazon_side_asn"]},"availability_zone":{"references":["var.vpn_gateway_az"]},"tags":{"references":["var.name","var.tags","var.vpn_gateway_tags"]},"vpc_id":{"references":["local.vpc_id"]}},"schema_version":0,"count_expression":{"references":["local.create_vpc","var.enable_vpn_gateway"]}},{"address":"aws_vpn_gateway_attachment.this","mode":"managed","type":"aws_vpn_gateway_attachment","name":"this","provider_config_key":"aws","expressions":{"vpc_id":{"references":["local.vpc_id"]},"vpn_gateway_id":{"references":["var.vpn_gateway_id"]}},"schema_version":0,"count_expression":{"references":["var.vpn_gateway_id"]}},{"address":"aws_vpn_gateway_route_propagation.intra","mode":"managed","type":"aws_vpn_gateway_route_propagation","name":"intra","provider_config_key":"aws","expressions":{"route_table_id":{"references":["aws_route_table.intra","count.index"]},"vpn_gateway_id":{"references":["aws_vpn_gateway.this","aws_vpn_gateway_attachment.this","count.index"]}},"schema_version":0,"count_expression":{"references":["local.create_vpc","var.propagate_intra_route_tables_vgw","var.enable_vpn_gateway","var.vpn_gateway_id","local.len_intra_subnets"]}},{"address":"aws_vpn_gateway_route_propagation.private","mode":"managed","type":"aws_vpn_gateway_route_propagation","name":"private","provider_config_key":"aws","expressions":{"route_table_id":{"references":["aws_route_table.private","count.index"]},"vpn_gateway_id":{"references":["aws_vpn_gateway.this","aws_vpn_gateway_attachment.this","count.index"]}},"schema_version":0,"count_expression":{"references":["local.create_vpc","var.propagate_private_route_tables_vgw","var.enable_vpn_gateway","var.vpn_gateway_id","local.len_private_subnets"]}},{"address":"aws_vpn_gateway_route_propagation.public","mode":"managed","type":"aws_vpn_gateway_route_propagation","name":"public","provider_config_key":"aws","expressions":{"route_table_id":{"references":["aws_route_table.public","count.index"]},"vpn_gateway_id":{"references":["aws_vpn_gateway.this","aws_vpn_gateway_attachment.this","count.index"]}},"schema_version":0,"count_expression":{"references":["local.create_vpc","var.propagate_public_route_tables_vgw","var.enable_vpn_gateway","var.vpn_gateway_id"]}},{"address":"data.aws_iam_policy_document.flow_log_cloudwatch_assume_role","mode":"data","type":"aws_iam_policy_document","name":"flow_log_cloudwatch_assume_role","provider_config_key":"aws","expressions":{"statement":[{"actions":{"constant_value":["sts:AssumeRole"]},"effect":{"constant_value":"Allow"},"principals":[{"identifiers":{"constant_value":["vpc-flow-logs.amazonaws.com"]},"type":{"constant_value":"Service"}}],"sid":{"constant_value":"AWSVPCFlowLogsAssumeRole"}}]},"schema_version":0,"count_expression":{"references":["local.create_flow_log_cloudwatch_iam_role"]}},{"address":"data.aws_iam_policy_document.vpc_flow_log_cloudwatch","mode":"data","type":"aws_iam_policy_document","name":"vpc_flow_log_cloudwatch","provider_config_key":"aws","expressions":{"statement":[{"actions":{"constant_value":["logs:CreateLogStream","logs:PutLogEvents","logs:DescribeLogGroups","logs:DescribeLogStreams"]},"effect":{"constant_value":"Allow"},"resources":{"constant_value":["*"]},"sid":{"constant_value":"AWSVPCFlowLogsPushToCloudWatch"}}]},"schema_version":0,"count_expression":{"references":["local.create_flow_log_cloudwatch_iam_role"]}}],"variables":{"amazon_side_asn":{"default":"64512","description":"The Autonomous System Number (ASN) for the Amazon side of the gateway. By default the virtual private gateway is created with the current default Amazon ASN"},"azs":{"default":[],"description":"A list of availability zones names or ids in the region"},"cidr":{"default":"10.0.0.0/16","description":"(Optional) The IPv4 CIDR block for the VPC. CIDR can be explicitly set or it can be derived from IPAM using `ipv4_netmask_length` \u0026 `ipv4_ipam_pool_id`"},"create_database_internet_gateway_route":{"default":false,"description":"Controls if an internet gateway route for public database access should be created"},"create_database_nat_gateway_route":{"default":false,"description":"Controls if a nat gateway route should be created to give internet access to the database subnets"},"create_database_subnet_group":{"default":true,"description":"Controls if database subnet group should be created (n.b. database_subnets must also be set)"},"create_database_subnet_route_table":{"default":false,"description":"Controls if separate route table for database should be created"},"create_egress_only_igw":{"default":true,"description":"Controls if an Egress Only Internet Gateway is created and its related routes"},"create_elasticache_subnet_group":{"default":true,"description":"Controls if elasticache subnet group should be created"},"create_elasticache_subnet_route_table":{"default":false,"description":"Controls if separate route table for elasticache should be created"},"create_flow_log_cloudwatch_iam_role":{"default":false,"description":"Whether to create IAM role for VPC Flow Logs"},"create_flow_log_cloudwatch_log_group":{"default":false,"description":"Whether to create CloudWatch log group for VPC Flow Logs"},"create_igw":{"default":true,"description":"Controls if an Internet Gateway is created for public subnets and the related routes that connect them"},"create_redshift_subnet_group":{"default":true,"description":"Controls if redshift subnet group should be created"},"create_redshift_subnet_route_table":{"default":false,"description":"Controls if separate route table for redshift should be created"},"create_vpc":{"default":true,"description":"Controls if VPC should be created (it affects almost all resources)"},"customer_gateway_tags":{"default":{},"description":"Additional tags for the Customer Gateway"},"customer_gateways":{"default":{},"description":"Maps of Customer Gateway's attributes (BGP ASN and Gateway's Internet-routable external IP address)"},"customer_owned_ipv4_pool":{"default":null,"description":"The customer owned IPv4 address pool. Typically used with the `map_customer_owned_ip_on_launch` argument. The `outpost_arn` argument must be specified when configured"},"database_acl_tags":{"default":{},"description":"Additional tags for the database subnets network ACL"},"database_dedicated_network_acl":{"default":false,"description":"Whether to use dedicated network ACL (not default) and custom rules for database subnets"},"database_inbound_acl_rules":{"default":[{"cidr_block":"0.0.0.0/0","from_port":"0","protocol":"-1","rule_action":"allow","rule_number":"100","to_port":"0"}],"description":"Database subnets inbound network ACL rules"},"database_outbound_acl_rules":{"default":[{"cidr_block":"0.0.0.0/0","from_port":"0","protocol":"-1","rule_action":"allow","rule_number":"100","to_port":"0"}],"description":"Database subnets outbound network ACL rules"},"database_route_table_tags":{"default":{},"description":"Additional tags for the database route tables"},"database_subnet_assign_ipv6_address_on_creation":{"default":false,"description":"Specify true to indicate that network interfaces created in the specified subnet should be assigned an IPv6 address. Default is `false`"},"database_subnet_enable_dns64":{"default":true,"description":"Indicates whether DNS queries made to the Amazon-provided DNS Resolver in this subnet should return synthetic IPv6 addresses for IPv4-only destinations. Default: `true`"},"database_subnet_enable_resource_name_dns_a_record_on_launch":{"default":false,"description":"Indicates whether to respond to DNS queries for instance hostnames with DNS A records. Default: `false`"},"database_subnet_enable_resource_name_dns_aaaa_record_on_launch":{"default":true,"description":"Indicates whether to respond to DNS queries for instance hostnames with DNS AAAA records. Default: `true`"},"database_subnet_group_name":{"default":null,"description":"Name of database subnet group"},"database_subnet_group_tags":{"default":{},"description":"Additional tags for the database subnet group"},"database_subnet_ipv6_native":{"default":false,"description":"Indicates whether to create an IPv6-only subnet. Default: `false`"},"database_subnet_ipv6_prefixes":{"default":[],"description":"Assigns IPv6 database subnet id based on the Amazon provided /56 prefix base 10 integer (0-256). Must be of equal length to the corresponding IPv4 subnet list"},"database_subnet_names":{"default":[],"description":"Explicit values to use in the Name tag on database subnets. If empty, Name tags are generated"},"database_subnet_private_dns_hostname_type_on_launch":{"default":null,"description":"The type of hostnames to assign to instances in the subnet at launch. For IPv6-only subnets, an instance DNS name must be based on the instance ID. For dual-stack and IPv4-only subnets, you can specify whether DNS names use the instance IPv4 address or the instance ID. Valid values: `ip-name`, `resource-name`"},"database_subnet_suffix":{"default":"db","description":"Suffix to append to database subnets name"},"database_subnet_tags":{"default":{},"description":"Additional tags for the database subnets"},"database_subnets":{"default":[],"description":"A list of database subnets inside the VPC"},"default_network_acl_egress":{"default":[{"action":"allow","cidr_block":"0.0.0.0/0","from_port":"0","protocol":"-1","rule_no":"100","to_port":"0"},{"action":"allow","from_port":"0","ipv6_cidr_block":"::/0","protocol":"-1","rule_no":"101","to_port":"0"}],"description":"List of maps of egress rules to set on the Default Network ACL"},"default_network_acl_ingress":{"default":[{"action":"allow","cidr_block":"0.0.0.0/0","from_port":"0","protocol":"-1","rule_no":"100","to_port":"0"},{"action":"allow","from_port":"0","ipv6_cidr_block":"::/0","protocol":"-1","rule_no":"101","to_port":"0"}],"description":"List of maps of ingress rules to set on the Default Network ACL"},"default_network_acl_name":{"default":null,"description":"Name to be used on the Default Network ACL"},"default_network_acl_tags":{"default":{},"description":"Additional tags for the Default Network ACL"},"default_route_table_name":{"default":null,"description":"Name to be used on the default route table"},"default_route_table_propagating_vgws":{"default":[],"description":"List of virtual gateways for propagation"},"default_route_table_routes":{"default":[],"description":"Configuration block of routes. See https://registry.terraform.io/providers/hashicorp/aws/latest/docs/resources/default_route_table#route"},"default_route_table_tags":{"default":{},"description":"Additional tags for the default route table"},"default_security_group_egress":{"default":[],"description":"List of maps of egress rules to set on the default security group"},"default_security_group_ingress":{"default":[],"description":"List of maps of ingress rules to set on the default security group"},"default_security_group_name":{"default":null,"description":"Name to be used on the default security group"},"default_security_group_tags":{"default":{},"description":"Additional tags for the default security group"},"default_vpc_enable_dns_hostnames":{"default":true,"description":"Should be true to enable DNS hostnames in the Default VPC"},"default_vpc_enable_dns_support":{"default":true,"description":"Should be true to enable DNS support in the Default VPC"},"default_vpc_name":{"default":null,"description":"Name to be used on the Default VPC"},"default_vpc_tags":{"default":{},"description":"Additional tags for the Default VPC"},"dhcp_options_domain_name":{"default":"","description":"Specifies DNS name for DHCP options set (requires enable_dhcp_options set to true)"},"dhcp_options_domain_name_servers":{"default":["AmazonProvidedDNS"],"description":"Specify a list of DNS server addresses for DHCP options set, default to AWS provided (requires enable_dhcp_options set to true)"},"dhcp_options_netbios_name_servers":{"default":[],"description":"Specify a list of netbios servers for DHCP options set (requires enable_dhcp_options set to true)"},"dhcp_options_netbios_node_type":{"default":"","description":"Specify netbios node_type for DHCP options set (requires enable_dhcp_options set to true)"},"dhcp_options_ntp_servers":{"default":[],"description":"Specify a list of NTP servers for DHCP options set (requires enable_dhcp_options set to true)"},"dhcp_options_tags":{"default":{},"description":"Additional tags for the DHCP option set (requires enable_dhcp_options set to true)"},"elasticache_acl_tags":{"default":{},"description":"Additional tags for the elasticache subnets network ACL"},"elasticache_dedicated_network_acl":{"default":false,"description":"Whether to use dedicated network ACL (not default) and custom rules for elasticache subnets"},"elasticache_inbound_acl_rules":{"default":[{"cidr_block":"0.0.0.0/0","from_port":"0","protocol":"-1","rule_action":"allow","rule_number":"100","to_port":"0"}],"description":"Elasticache subnets inbound network ACL rules"},"elasticache_outbound_acl_rules":{"default":[{"cidr_block":"0.0.0.0/0","from_port":"0","protocol":"-1","rule_action":"allow","rule_number":"100","to_port":"0"}],"description":"Elasticache subnets outbound network ACL rules"},"elasticache_route_table_tags":{"default":{},"description":"Additional tags for the elasticache route tables"},"elasticache_subnet_assign_ipv6_address_on_creation":{"default":false,"description":"Specify true to indicate that network interfaces created in the specified subnet should be assigned an IPv6 address. Default is `false`"},"elasticache_subnet_enable_dns64":{"default":true,"description":"Indicates whether DNS queries made to the Amazon-provided DNS Resolver in this subnet should return synthetic IPv6 addresses for IPv4-only destinations. Default: `true`"},"elasticache_subnet_enable_resource_name_dns_a_record_on_launch":{"default":false,"description":"Indicates whether to respond to DNS queries for instance hostnames with DNS A records. Default: `false`"},"elasticache_subnet_enable_resource_name_dns_aaaa_record_on_launch":{"default":true,"description":"Indicates whether to respond to DNS queries for instance hostnames with DNS AAAA records. Default: `true`"},"elasticache_subnet_group_name":{"default":null,"description":"Name of elasticache subnet group"},"elasticache_subnet_group_tags":{"default":{},"description":"Additional tags for the elasticache subnet group"},"elasticache_subnet_ipv6_native":{"default":false,"description":"Indicates whether to create an IPv6-only subnet. Default: `false`"},"elasticache_subnet_ipv6_prefixes":{"default":[],"description":"Assigns IPv6 elasticache subnet id based on the Amazon provided /56 prefix base 10 integer (0-256). Must be of equal length to the corresponding IPv4 subnet list"},"elasticache_subnet_names":{"default":[],"description":"Explicit values to use in the Name tag on elasticache subnets. If empty, Name tags are generated"},"elasticache_subnet_private_dns_hostname_type_on_launch":{"default":null,"description":"The type of hostnames to assign to instances in the subnet at launch. For IPv6-only subnets, an instance DNS name must be based on the instance ID. For dual-stack and IPv4-only subnets, you can specify whether DNS names use the instance IPv4 address or the instance ID. Valid values: `ip-name`, `resource-name`"},"elasticache_subnet_suffix":{"default":"elasticache","description":"Suffix to append to elasticache subnets name"},"elasticache_subnet_tags":{"default":{},"description":"Additional tags for the elasticache subnets"},"elasticache_subnets":{"default":[],"description":"A list of elasticache subnets inside the VPC"},"enable_dhcp_options":{"default":false,"description":"Should be true if you want to specify a DHCP options set with a custom domain name, DNS servers, NTP servers, netbios servers, and/or netbios server type"},"enable_dns_hostnames":{"default":true,"description":"Should be true to enable DNS hostnames in the VPC"},"enable_dns_support":{"default":true,"description":"Should be true to enable DNS support in the VPC"},"enable_flow_log":{"default":false,"description":"Whether or not to enable VPC Flow Logs"},"enable_ipv6":{"default":false,"description":"Requests an Amazon-provided IPv6 CIDR block with a /56 prefix length for the VPC. You cannot specify the range of IP addresses, or the size of the CIDR block"},"enable_nat_gateway":{"default":false,"description":"Should be true if you want to provision NAT Gateways for each of your private networks"},"enable_network_address_usage_metrics":{"default":null,"description":"Determines whether network address usage metrics are enabled for the VPC"},"enable_public_redshift":{"default":false,"description":"Controls if redshift should have public routing table"},"enable_vpn_gateway":{"default":false,"description":"Should be true if you want to create a new VPN Gateway resource and attach it to the VPC"},"external_nat_ip_ids":{"default":[],"description":"List of EIP IDs to be assigned to the NAT Gateways (used in combination with reuse_nat_ips)"},"external_nat_ips":{"default":[],"description":"List of EIPs to be used for `nat_public_ips` output (used in combination with reuse_nat_ips and external_nat_ip_ids)"},"flow_log_cloudwatch_iam_role_arn":{"default":"","description":"The ARN for the IAM role that's used to post flow logs to a CloudWatch Logs log group. When flow_log_destination_arn is set to ARN of Cloudwatch Logs, this argument needs to be provided"},"flow_log_cloudwatch_log_group_class":{"default":null,"description":"Specified the log class of the log group. Possible values are: STANDARD or INFREQUENT_ACCESS"},"flow_log_cloudwatch_log_group_kms_key_id":{"default":null,"description":"The ARN of the KMS Key to use when encrypting log data for VPC flow logs"},"flow_log_cloudwatch_log_group_name_prefix":{"default":"/aws/vpc-flow-log/","description":"Specifies the name prefix of CloudWatch Log Group for VPC flow logs"},"flow_log_cloudwatch_log_group_name_suffix":{"default":"","description":"Specifies the name suffix of CloudWatch Log Group for VPC flow logs"},"flow_log_cloudwatch_log_group_retention_in_days":{"default":null,"description":"Specifies the number of days you want to retain log events in the specified log group for VPC flow logs"},"flow_log_cloudwatch_log_group_skip_destroy":{"default":false,"description":" Set to true if you do not wish the log group (and any logs it may contain) to be deleted at destroy time, and instead just remove the log group from the Terraform state"},"flow_log_deliver_cross_account_role":{"default":null,"description":"(Optional) ARN of the IAM role that allows Amazon EC2 to publish flow logs across accounts."},"flow_log_destination_arn":{"default":"","description":"The ARN of the CloudWatch log group or S3 bucket where VPC Flow Logs will be pushed. If this ARN is a S3 bucket the appropriate permissions need to be set on that bucket's policy. When create_flow_log_cloudwatch_log_group is set to false this argument must be provided"},"flow_log_destination_type":{"default":"cloud-watch-logs","description":"Type of flow log destination. Can be s3, kinesis-data-firehose or cloud-watch-logs"},"flow_log_file_format":{"default":null,"description":"(Optional) The format for the flow log. Valid values: `plain-text`, `parquet`"},"flow_log_hive_compatible_partitions":{"default":false,"description":"(Optional) Indicates whether to use Hive-compatible prefixes for flow logs stored in Amazon S3"},"flow_log_log_format":{"default":null,"description":"The fields to include in the flow log record, in the order in which they should appear"},"flow_log_max_aggregation_interval":{"default":600,"description":"The maximum interval of time during which a flow of packets is captured and aggregated into a flow log record. Valid Values: `60` seconds or `600` seconds"},"flow_log_per_hour_partition":{"default":false,"description":"(Optional) Indicates whether to partition the flow log per hour. This reduces the cost and response time for queries"},"flow_log_traffic_type":{"default":"ALL","description":"The type of traffic to capture. Valid values: ACCEPT, REJECT, ALL"},"igw_tags":{"default":{},"description":"Additional tags for the internet gateway"},"instance_tenancy":{"default":"default","description":"A tenancy option for instances launched into the VPC"},"intra_acl_tags":{"default":{},"description":"Additional tags for the intra subnets network ACL"},"intra_dedicated_network_acl":{"default":false,"description":"Whether to use dedicated network ACL (not default) and custom rules for intra subnets"},"intra_inbound_acl_rules":{"default":[{"cidr_block":"0.0.0.0/0","from_port":"0","protocol":"-1","rule_action":"allow","rule_number":"100","to_port":"0"}],"description":"Intra subnets inbound network ACLs"},"intra_outbound_acl_rules":{"default":[{"cidr_block":"0.0.0.0/0","from_port":"0","protocol":"-1","rule_action":"allow","rule_number":"100","to_port":"0"}],"description":"Intra subnets outbound network ACLs"},"intra_route_table_tags":{"default":{},"description":"Additional tags for the intra route tables"},"intra_subnet_assign_ipv6_address_on_creation":{"default":false,"description":"Specify true to indicate that network interfaces created in the specified subnet should be assigned an IPv6 address. Default is `false`"},"intra_subnet_enable_dns64":{"default":true,"description":"Indicates whether DNS queries made to the Amazon-provided DNS Resolver in this subnet should return synthetic IPv6 addresses for IPv4-only destinations. Default: `true`"},"intra_subnet_enable_resource_name_dns_a_record_on_launch":{"default":false,"description":"Indicates whether to respond to DNS queries for instance hostnames with DNS A records. Default: `false`"},"intra_subnet_enable_resource_name_dns_aaaa_record_on_launch":{"default":true,"description":"Indicates whether to respond to DNS queries for instance hostnames with DNS AAAA records. Default: `true`"},"intra_subnet_ipv6_native":{"default":false,"description":"Indicates whether to create an IPv6-only subnet. Default: `false`"},"intra_subnet_ipv6_prefixes":{"default":[],"description":"Assigns IPv6 intra subnet id based on the Amazon provided /56 prefix base 10 integer (0-256). Must be of equal length to the corresponding IPv4 subnet list"},"intra_subnet_names":{"default":[],"description":"Explicit values to use in the Name tag on intra subnets. If empty, Name tags are generated"},"intra_subnet_private_dns_hostname_type_on_launch":{"default":null,"description":"The type of hostnames to assign to instances in the subnet at launch. For IPv6-only subnets, an instance DNS name must be based on the instance ID. For dual-stack and IPv4-only subnets, you can specify whether DNS names use the instance IPv4 address or the instance ID. Valid values: `ip-name`, `resource-name`"},"intra_subnet_suffix":{"default":"intra","description":"Suffix to append to intra subnets name"},"intra_subnet_tags":{"default":{},"description":"Additional tags for the intra subnets"},"intra_subnets":{"default":[],"description":"A list of intra subnets inside the VPC"},"ipv4_ipam_pool_id":{"default":null,"description":"(Optional) The ID of an IPv4 IPAM pool you want to use for allocating this VPC's CIDR"},"ipv4_netmask_length":{"default":null,"description":"(Optional) The netmask length of the IPv4 CIDR you want to allocate to this VPC. Requires specifying a ipv4_ipam_pool_id"},"ipv6_cidr":{"default":null,"description":"(Optional) IPv6 CIDR block to request from an IPAM Pool. Can be set explicitly or derived from IPAM using `ipv6_netmask_length`"},"ipv6_cidr_block_network_border_group":{"default":null,"description":"By default when an IPv6 CIDR is assigned to a VPC a default ipv6_cidr_block_network_border_group will be set to the region of the VPC. This can be changed to restrict advertisement of public addresses to specific Network Border Groups such as LocalZones"},"ipv6_ipam_pool_id":{"default":null,"description":"(Optional) IPAM Pool ID for a IPv6 pool. Conflicts with `assign_generated_ipv6_cidr_block`"},"ipv6_netmask_length":{"default":null,"description":"(Optional) Netmask length to request from IPAM Pool. Conflicts with `ipv6_cidr_block`. This can be omitted if IPAM pool as a `allocation_default_netmask_length` set. Valid values: `56`"},"manage_default_network_acl":{"default":true,"description":"Should be true to adopt and manage Default Network ACL"},"manage_default_route_table":{"default":true,"description":"Should be true to manage default route table"},"manage_default_security_group":{"default":true,"description":"Should be true to adopt and manage default security group"},"manage_default_vpc":{"default":false,"description":"Should be true to adopt and manage Default VPC"},"map_customer_owned_ip_on_launch":{"default":false,"description":"Specify true to indicate that network interfaces created in the subnet should be assigned a customer owned IP address. The `customer_owned_ipv4_pool` and `outpost_arn` arguments must be specified when set to `true`. Default is `false`"},"map_public_ip_on_launch":{"default":false,"description":"Specify true to indicate that instances launched into the subnet should be assigned a public IP address. Default is `false`"},"name":{"default":"","description":"Name to be used on all the resources as identifier"},"nat_eip_tags":{"default":{},"description":"Additional tags for the NAT EIP"},"nat_gateway_destination_cidr_block":{"default":"0.0.0.0/0","description":"Used to pass a custom destination route for private NAT Gateway. If not specified, the default 0.0.0.0/0 is used as a destination route"},"nat_gateway_tags":{"default":{},"description":"Additional tags for the NAT gateways"},"one_nat_gateway_per_az":{"default":false,"description":"Should be true if you want only one NAT Gateway per availability zone. Requires `var.azs` to be set, and the number of `public_subnets` created to be greater than or equal to the number of availability zones specified in `var.azs`"},"outpost_acl_tags":{"default":{},"description":"Additional tags for the outpost subnets network ACL"},"outpost_arn":{"default":null,"description":"ARN of Outpost you want to create a subnet in"},"outpost_az":{"default":null,"description":"AZ where Outpost is anchored"},"outpost_dedicated_network_acl":{"default":false,"description":"Whether to use dedicated network ACL (not default) and custom rules for outpost subnets"},"outpost_inbound_acl_rules":{"default":[{"cidr_block":"0.0.0.0/0","from_port":"0","protocol":"-1","rule_action":"allow","rule_number":"100","to_port":"0"}],"description":"Outpost subnets inbound network ACLs"},"outpost_outbound_acl_rules":{"default":[{"cidr_block":"0.0.0.0/0","from_port":"0","protocol":"-1","rule_action":"allow","rule_number":"100","to_port":"0"}],"description":"Outpost subnets outbound network ACLs"},"outpost_subnet_assign_ipv6_address_on_creation":{"default":false,"description":"Specify true to indicate that network interfaces created in the specified subnet should be assigned an IPv6 address. Default is `false`"},"outpost_subnet_enable_dns64":{"default":true,"description":"Indicates whether DNS queries made to the Amazon-provided DNS Resolver in this subnet should return synthetic IPv6 addresses for IPv4-only destinations. Default: `true`"},"outpost_subnet_enable_resource_name_dns_a_record_on_launch":{"default":false,"description":"Indicates whether to respond to DNS queries for instance hostnames with DNS A records. Default: `false`"},"outpost_subnet_enable_resource_name_dns_aaaa_record_on_launch":{"default":true,"description":"Indicates whether to respond to DNS queries for instance hostnames with DNS AAAA records. Default: `true`"},"outpost_subnet_ipv6_native":{"default":false,"description":"Indicates whether to create an IPv6-only subnet. Default: `false`"},"outpost_subnet_ipv6_prefixes":{"default":[],"description":"Assigns IPv6 outpost subnet id based on the Amazon provided /56 prefix base 10 integer (0-256). Must be of equal length to the corresponding IPv4 subnet list"},"outpost_subnet_names":{"default":[],"description":"Explicit values to use in the Name tag on outpost subnets. If empty, Name tags are generated"},"outpost_subnet_private_dns_hostname_type_on_launch":{"default":null,"description":"The type of hostnames to assign to instances in the subnet at launch. For IPv6-only subnets, an instance DNS name must be based on the instance ID. For dual-stack and IPv4-only subnets, you can specify whether DNS names use the instance IPv4 address or the instance ID. Valid values: `ip-name`, `resource-name`"},"outpost_subnet_suffix":{"default":"outpost","description":"Suffix to append to outpost subnets name"},"outpost_subnet_tags":{"default":{},"description":"Additional tags for the outpost subnets"},"outpost_subnets":{"default":[],"description":"A list of outpost subnets inside the VPC"},"private_acl_tags":{"default":{},"description":"Additional tags for the private subnets network ACL"},"private_dedicated_network_acl":{"default":false,"description":"Whether to use dedicated network ACL (not default) and custom rules for private subnets"},"private_inbound_acl_rules":{"default":[{"cidr_block":"0.0.0.0/0","from_port":"0","protocol":"-1","rule_action":"allow","rule_number":"100","to_port":"0"}],"description":"Private subnets inbound network ACLs"},"private_outbound_acl_rules":{"default":[{"cidr_block":"0.0.0.0/0","from_port":"0","protocol":"-1","rule_action":"allow","rule_number":"100","to_port":"0"}],"description":"Private subnets outbound network ACLs"},"private_route_table_tags":{"default":{},"description":"Additional tags for the private route tables"},"private_subnet_assign_ipv6_address_on_creation":{"default":false,"description":"Specify true to indicate that network interfaces created in the specified subnet should be assigned an IPv6 address. Default is `false`"},"private_subnet_enable_dns64":{"default":true,"description":"Indicates whether DNS queries made to the Amazon-provided DNS Resolver in this subnet should return synthetic IPv6 addresses for IPv4-only destinations. Default: `true`"},"private_subnet_enable_resource_name_dns_a_record_on_launch":{"default":false,"description":"Indicates whether to respond to DNS queries for instance hostnames with DNS A records. Default: `false`"},"private_subnet_enable_resource_name_dns_aaaa_record_on_launch":{"default":true,"description":"Indicates whether to respond to DNS queries for instance hostnames with DNS AAAA records. Default: `true`"},"private_subnet_ipv6_native":{"default":false,"description":"Indicates whether to create an IPv6-only subnet. Default: `false`"},"private_subnet_ipv6_prefixes":{"default":[],"description":"Assigns IPv6 private subnet id based on the Amazon provided /56 prefix base 10 integer (0-256). Must be of equal length to the corresponding IPv4 subnet list"},"private_subnet_names":{"default":[],"description":"Explicit values to use in the Name tag on private subnets. If empty, Name tags are generated"},"private_subnet_private_dns_hostname_type_on_launch":{"default":null,"description":"The type of hostnames to assign to instances in the subnet at launch. For IPv6-only subnets, an instance DNS name must be based on the instance ID. For dual-stack and IPv4-only subnets, you can specify whether DNS names use the instance IPv4 address or the instance ID. Valid values: `ip-name`, `resource-name`"},"private_subnet_suffix":{"default":"private","description":"Suffix to append to private subnets name"},"private_subnet_tags":{"default":{},"description":"Additional tags for the private subnets"},"private_subnet_tags_per_az":{"default":{},"description":"Additional tags for the private subnets where the primary key is the AZ"},"private_subnets":{"default":[],"description":"A list of private subnets inside the VPC"},"propagate_intra_route_tables_vgw":{"default":false,"description":"Should be true if you want route table propagation"},"propagate_private_route_tables_vgw":{"default":false,"description":"Should be true if you want route table propagation"},"propagate_public_route_tables_vgw":{"default":false,"description":"Should be true if you want route table propagation"},"public_acl_tags":{"default":{},"description":"Additional tags for the public subnets network ACL"},"public_dedicated_network_acl":{"default":false,"description":"Whether to use dedicated network ACL (not default) and custom rules for public subnets"},"public_inbound_acl_rules":{"default":[{"cidr_block":"0.0.0.0/0","from_port":"0","protocol":"-1","rule_action":"allow","rule_number":"100","to_port":"0"}],"description":"Public subnets inbound network ACLs"},"public_outbound_acl_rules":{"default":[{"cidr_block":"0.0.0.0/0","from_port":"0","protocol":"-1","rule_action":"allow","rule_number":"100","to_port":"0"}],"description":"Public subnets outbound network ACLs"},"public_route_table_tags":{"default":{},"description":"Additional tags for the public route tables"},"public_subnet_assign_ipv6_address_on_creation":{"default":false,"description":"Specify true to indicate that network interfaces created in the specified subnet should be assigned an IPv6 address. Default is `false`"},"public_subnet_enable_dns64":{"default":true,"description":"Indicates whether DNS queries made to the Amazon-provided DNS Resolver in this subnet should return synthetic IPv6 addresses for IPv4-only destinations. Default: `true`"},"public_subnet_enable_resource_name_dns_a_record_on_launch":{"default":false,"description":"Indicates whether to respond to DNS queries for instance hostnames with DNS A records. Default: `false`"},"public_subnet_enable_resource_name_dns_aaaa_record_on_launch":{"default":true,"description":"Indicates whether to respond to DNS queries for instance hostnames with DNS AAAA records. Default: `true`"},"public_subnet_ipv6_native":{"default":false,"description":"Indicates whether to create an IPv6-only subnet. Default: `false`"},"public_subnet_ipv6_prefixes":{"default":[],"description":"Assigns IPv6 public subnet id based on the Amazon provided /56 prefix base 10 integer (0-256). Must be of equal length to the corresponding IPv4 subnet list"},"public_subnet_names":{"default":[],"description":"Explicit values to use in the Name tag on public subnets. If empty, Name tags are generated"},"public_subnet_private_dns_hostname_type_on_launch":{"default":null,"description":"The type of hostnames to assign to instances in the subnet at launch. For IPv6-only subnets, an instance DNS name must be based on the instance ID. For dual-stack and IPv4-only subnets, you can specify whether DNS names use the instance IPv4 address or the instance ID. Valid values: `ip-name`, `resource-name`"},"public_subnet_suffix":{"default":"public","description":"Suffix to append to public subnets name"},"public_subnet_tags":{"default":{},"description":"Additional tags for the public subnets"},"public_subnet_tags_per_az":{"default":{},"description":"Additional tags for the public subnets where the primary key is the AZ"},"public_subnets":{"default":[],"description":"A list of public subnets inside the VPC"},"putin_khuylo":{"default":true,"description":"Do you agree that Putin doesn't respect Ukrainian sovereignty and territorial integrity? More info: https://en.wikipedia.org/wiki/Putin_khuylo!"},"redshift_acl_tags":{"default":{},"description":"Additional tags for the redshift subnets network ACL"},"redshift_dedicated_network_acl":{"default":false,"description":"Whether to use dedicated network ACL (not default) and custom rules for redshift subnets"},"redshift_inbound_acl_rules":{"default":[{"cidr_block":"0.0.0.0/0","from_port":"0","protocol":"-1","rule_action":"allow","rule_number":"100","to_port":"0"}],"description":"Redshift subnets inbound network ACL rules"},"redshift_outbound_acl_rules":{"default":[{"cidr_block":"0.0.0.0/0","from_port":"0","protocol":"-1","rule_action":"allow","rule_number":"100","to_port":"0"}],"description":"Redshift subnets outbound network ACL rules"},"redshift_route_table_tags":{"default":{},"description":"Additional tags for the redshift route tables"},"redshift_subnet_assign_ipv6_address_on_creation":{"default":false,"description":"Specify true to indicate that network interfaces created in the specified subnet should be assigned an IPv6 address. Default is `false`"},"redshift_subnet_enable_dns64":{"default":true,"description":"Indicates whether DNS queries made to the Amazon-provided DNS Resolver in this subnet should return synthetic IPv6 addresses for IPv4-only destinations. Default: `true`"},"redshift_subnet_enable_resource_name_dns_a_record_on_launch":{"default":false,"description":"Indicates whether to respond to DNS queries for instance hostnames with DNS A records. Default: `false`"},"redshift_subnet_enable_resource_name_dns_aaaa_record_on_launch":{"default":true,"description":"Indicates whether to respond to DNS queries for instance hostnames with DNS AAAA records. Default: `true`"},"redshift_subnet_group_name":{"default":null,"description":"Name of redshift subnet group"},"redshift_subnet_group_tags":{"default":{},"description":"Additional tags for the redshift subnet group"},"redshift_subnet_ipv6_native":{"default":false,"description":"Indicates whether to create an IPv6-only subnet. Default: `false`"},"redshift_subnet_ipv6_prefixes":{"default":[],"description":"Assigns IPv6 redshift subnet id based on the Amazon provided /56 prefix base 10 integer (0-256). Must be of equal length to the corresponding IPv4 subnet list"},"redshift_subnet_names":{"default":[],"description":"Explicit values to use in the Name tag on redshift subnets. If empty, Name tags are generated"},"redshift_subnet_private_dns_hostname_type_on_launch":{"default":null,"description":"The type of hostnames to assign to instances in the subnet at launch. For IPv6-only subnets, an instance DNS name must be based on the instance ID. For dual-stack and IPv4-only subnets, you can specify whether DNS names use the instance IPv4 address or the instance ID. Valid values: `ip-name`, `resource-name`"},"redshift_subnet_suffix":{"default":"redshift","description":"Suffix to append to redshift subnets name"},"redshift_subnet_tags":{"default":{},"description":"Additional tags for the redshift subnets"},"redshift_subnets":{"default":[],"description":"A list of redshift subnets inside the VPC"},"reuse_nat_ips":{"default":false,"description":"Should be true if you don't want EIPs to be created for your NAT Gateways and will instead pass them in via the 'external_nat_ip_ids' variable"},"secondary_cidr_blocks":{"default":[],"description":"List of secondary CIDR blocks to associate with the VPC to extend the IP Address pool"},"single_nat_gateway":{"default":false,"description":"Should be true if you want to provision a single shared NAT Gateway across all of your private networks"},"tags":{"default":{},"description":"A map of tags to add to all resources"},"use_ipam_pool":{"default":false,"description":"Determines whether IPAM pool is used for CIDR allocation"},"vpc_flow_log_permissions_boundary":{"default":null,"description":"The ARN of the Permissions Boundary for the VPC Flow Log IAM Role"},"vpc_flow_log_tags":{"default":{},"description":"Additional tags for the VPC Flow Logs"},"vpc_tags":{"default":{},"description":"Additional tags for the VPC"},"vpn_gateway_az":{"default":null,"description":"The Availability Zone for the VPN Gateway"},"vpn_gateway_id":{"default":"","description":"ID of VPN Gateway to attach to the VPC"},"vpn_gateway_tags":{"default":{},"description":"Additional tags for the VPN gateway"}}}}}}},"relevant_attributes":[{"resource":"module.input_bucket.data.aws_iam_policy_document.inventory_and_analytics_destination_policy[0]","attribute":["json"]},{"resource":"module.mwaa.data.aws_region.current","attribute":["name"]},{"resource":"module.dag_trigger_lambda.data.aws_arn.log_group_arn[0]","attribute":["account"]},{"resource":"module.mwaa_bucket.aws_s3_bucket.this[0]","attribute":["bucket_domain_name"]},{"resource":"module.vpc.aws_vpc.this[0]","attribute":["main_route_table_id"]},{"resource":"module.dag_trigger_lambda.data.aws_arn.log_group_arn[0]","attribute":["resource"]},{"resource":"module.input_bucket.data.aws_iam_policy_document.deny_incorrect_encryption_headers[0]","attribute":["json"]},{"resource":"module.input_bucket.data.aws_iam_policy_document.deny_insecure_transport[0]","attribute":["json"]},{"resource":"module.mwaa.aws_s3_bucket.mwaa[0]","attribute":["arn"]},{"resource":"module.dag_trigger_lambda.data.external.archive_prepare[0]","attribute":["result","was_missing"]},{"resource":"module.dag_trigger_lambda.data.aws_caller_identity.current","attribute":["account_id"]},{"resource":"module.dag_trigger_lambda.aws_lambda_function_url.this[0]","attribute":["url_id"]},{"resource":"module.mwaa_bucket.aws_s3_bucket.this[0]","attribute":["arn"]},{"resource":"module.vpc.aws_vpc.this[0]","attribute":["enable_dns_hostnames"]},{"resource":"module.dag_trigger_lambda.data.aws_arn.log_group_arn[0]","attribute":["service"]},{"resource":"module.s3_lambda_notif.aws_s3_bucket_notification.this[0]","attribute":["id"]},{"resource":"module.dag_trigger_lambda.data.aws_cloudwatch_log_group.lambda[0]","attribute":["arn"]},{"resource":"module.dag_trigger_lambda.data.external.archive_prepare[0]","attribute":["result","build_plan_filename"]},{"resource":"module.s3_lambda_notif.data.aws_partition.this","attribute":["partition"]},{"resource":"module.mwaa.data.aws_iam_policy_document.mwaa","attribute":["json"]},{"resource":"module.dag_trigger_lambda.aws_lambda_function.this[0]","attribute":["invoke_arn"]},{"resource":"module.dag_trigger_lambda.data.external.archive_prepare[0]","attribute":["result","build_plan"]},{"resource":"module.mwaa_bucket.aws_s3_bucket_lifecycle_configuration.this[0]","attribute":["rule"]},{"resource":"module.vpc.aws_route_table.intra","attribute":[]},{"resource":"module.dag_trigger_lambda.aws_lambda_function.this[0]","attribute":["signing_profile_version_arn"]},{"resource":"module.dag_trigger_lambda.aws_lambda_event_source_mapping.this","attribute":[]},{"resource":"module.dag_trigger_lambda.data.aws_iam_policy_document.additional_inline[0]","attribute":["json"]},{"resource":"module.input_bucket.data.aws_iam_policy_document.combined[0]","attribute":["json"]},{"resource":"module.mwaa.aws_security_group.mwaa[0]","attribute":["id"]},{"resource":"module.dag_trigger_lambda.data.external.archive_prepare[0]","attribute":["result","filename"]},{"resource":"module.input_bucket.aws_s3_bucket.this[0]","attribute":["region"]},{"resource":"module.vpc.aws_iam_role.vpc_flow_log_cloudwatch[0]","attribute":["name"]},{"resource":"module.input_bucket.data.aws_iam_policy_document.access_log_delivery[0]","attribute":["json"]},{"resource":"module.input_bucket.data.aws_iam_policy_document.deny_incorrect_kms_key_sse[0]","attribute":["json"]},{"resource":"module.input_bucket.aws_s3_bucket.this[0]","attribute":["id"]},{"resource":"module.vpc.aws_customer_gateway.this","attribute":[]},{"resource":"module.dag_trigger_lambda.data.aws_cloudwatch_log_group.lambda[0]","attribute":["name"]},{"resource":"module.dag_trigger_lambda.data.aws_arn.log_group_arn[0]","attribute":["partition"]},{"resource":"module.vpc.aws_flow_log.this[0]","attribute":["id"]},{"resource":"module.vpc.aws_route.private_nat_gateway","attribute":[]},{"resource":"module.vpc.aws_subnet.intra","attribute":[]},{"resource":"module.vpc.aws_vpc.this[0]","attribute":["default_network_acl_id"]},{"resource":"module.input_bucket.data.aws_iam_policy_document.deny_unencrypted_object_uploads[0]","attribute":["json"]},{"resource":"module.input_bucket.data.aws_iam_policy_document.elb_log_delivery[0]","attribute":["json"]},{"resource":"module.mwaa.aws_iam_role.mwaa[0]","attribute":["id"]},{"resource":"module.vpc.aws_iam_policy.vpc_flow_log_cloudwatch[0]","attribute":["arn"]},{"resource":"module.vpc.aws_vpc.this[0]","attribute":["id"]},{"resource":"module.vpc.aws_route_table_association.redshift","attribute":[]},{"resource":"module.mwaa.aws_mwaa_environment.mwaa","attribute":["status"]},{"resource":"module.mwaa.aws_s3_bucket.mwaa[0]","attribute":["id"]},{"resource":"module.mwaa_bucket.aws_s3_bucket.this[0]","attribute":["bucket_regional_domain_name"]},{"resource":"module.input_bucket.aws_s3_bucket_website_configuration.this[0]","attribute":["website_domain"]},{"resource":"module.vpc.aws_subnet.outpost","attribute":[]},{"resource":"module.vpc.aws_vpc.this[0]","attribute":["instance_tenancy"]},{"resource":"module.dag_trigger_lambda.data.aws_iam_policy_document.logs[0]","attribute":["json"]},{"resource":"module.vpc.aws_subnet.elasticache","attribute":[]},{"resource":"module.input_bucket.data.aws_iam_policy_document.require_latest_tls[0]","attribute":["json"]},{"resource":"module.vpc.aws_route_table_association.private","attribute":[]},{"resource":"module.mwaa.data.aws_caller_identity.current","attribute":["account_id"]},{"resource":"module.dag_trigger_lambda.data.aws_region.current","attribute":["name"]},{"resource":"module.dag_trigger_lambda.aws_iam_policy.logs[0]","attribute":["arn"]},{"resource":"data.aws_availability_zones.available","attribute":["names"]},{"resource":"module.dag_trigger_lambda.aws_lambda_function.this[0]","attribute":["last_modified"]},{"resource":"module.dag_trigger_lambda.aws_lambda_layer_version.this[0]","attribute":["arn"]},{"resource":"data.aws_caller_identity.current","attribute":["account_id"]},{"resource":"module.vpc.aws_vpc.this[0]","attribute":["default_security_group_id"]},{"resource":"module.vpc.data.aws_iam_policy_document.vpc_flow_log_cloudwatch[0]","attribute":["json"]},{"resource":"module.input_bucket.aws_s3_bucket.this[0]","attribute":["bucket_regional_domain_name"]},{"resource":"module.vpc.aws_nat_gateway.this","attribute":[]},{"resource":"data.aws_region.current","attribute":["name"]},{"resource":"module.dag_trigger_lambda.aws_lambda_layer_version.this[0]","attribute":["created_date"]},{"resource":"module.input_bucket.data.aws_iam_policy_document.lb_log_delivery[0]","attribute":["json"]},{"resource":"module.vpc.aws_network_acl.public[0]","attribute":["arn"]},{"resource":"module.dag_trigger_lambda.aws_lambda_function.this[0]","attribute":["qualified_arn"]},{"resource":"module.vpc.aws_route_table.redshift","attribute":[]},{"resource":"module.dag_trigger_lambda.data.aws_iam_policy_document.assume_role[0]","attribute":["json"]},{"resource":"module.dag_trigger_lambda.aws_lambda_function.this[0]","attribute":["version"]},{"resource":"module.vpc.aws_vpc_ipv4_cidr_block_association.this[0]","attribute":["vpc_id"]},{"resource":"module.vpc.aws_route.database_nat_gateway","attribute":[]},{"resource":"module.vpc.aws_route_table_association.intra","attribute":[]},{"resource":"module.dag_trigger_lambda.data.external.archive_prepare[0]","attribute":["result","timestamp"]},{"resource":"module.dag_trigger_lambda.aws_cloudwatch_log_group.lambda[0]","attribute":["arn"]},{"resource":"module.mwaa_bucket.aws_s3_bucket_website_configuration.this[0]","attribute":["website_domain"]},{"resource":"module.vpc.aws_network_acl.private[0]","attribute":["arn"]},{"resource":"module.vpc.aws_subnet.redshift","attribute":[]},{"resource":"aws_iam_policy.mwaa_policy","attribute":["arn"]},{"resource":"module.dag_trigger_lambda.aws_s3_object.lambda_package[0]","attribute":["version_id"]},{"resource":"module.dag_trigger_lambda.aws_lambda_function_url.this[0]","attribute":["function_url"]},{"resource":"module.dag_trigger_lambda.aws_iam_role.lambda[0]","attribute":["unique_id"]},{"resource":"module.dag_trigger_lambda.aws_lambda_layer_version.this[0]","attribute":["layer_arn"]},{"resource":"module.vpc.aws_internet_gateway.this[0]","attribute":["id"]},{"resource":"module.input_bucket.aws_s3_bucket_lifecycle_configuration.this[0]","attribute":["rule"]},{"resource":"module.vpc.aws_eip.nat","attribute":[]},{"resource":"module.input_bucket.data.aws_canonical_user_id.this[0]","attribute":["id"]},{"resource":"module.dag_trigger_lambda.data.aws_partition.current","attribute":["partition"]},{"resource":"module.input_bucket.aws_s3_bucket.this[0]","attribute":["arn"]},{"resource":"module.vpc.aws_route_table_association.redshift_public","attribute":[]},{"resource":"module.dag_trigger_lambda.aws_iam_role.lambda[0]","attribute":["name"]},{"resource":"module.mwaa.data.aws_iam_policy_document.mwaa_assume","attribute":["json"]},{"resource":"module.mwaa.data.aws_partition.current","attribute":["id"]},{"resource":"module.dag_trigger_lambda.aws_lambda_layer_version.this[0]","attribute":["version"]},{"resource":"module.dag_trigger_lambda.aws_lambda_layer_version.this[0]","attribute":["source_code_size"]},{"resource":"module.input_bucket.aws_s3_bucket_policy.this[0]","attribute":["id"]},{"resource":"module.input_bucket.aws_s3_bucket.this[0]","attribute":["bucket_domain_name"]},{"resource":"module.mwaa_bucket.aws_s3_bucket_website_configuration.this[0]","attribute":["website_endpoint"]},{"resource":"module.mwaa_bucket.data.aws_canonical_user_id.this[0]","attribute":["id"]},{"resource":"module.vpc.aws_egress_only_internet_gateway.this","attribute":[]},{"resource":"module.vpc.aws_route.public_internet_gateway[0]","attribute":["id"]},{"resource":"module.vpc.aws_route_table_association.elasticache","attribute":[]},{"resource":"module.vpc.aws_vpc.this[0]","attribute":["ipv6_association_id"]},{"resource":"module.mwaa_bucket.aws_s3_bucket.this[0]","attribute":["hosted_zone_id"]},{"resource":"module.dag_trigger_lambda.aws_lambda_function.this[0]","attribute":["function_name"]},{"resource":"module.vpc.aws_route.private_ipv6_egress","attribute":[]},{"resource":"module.vpc.aws_cloudwatch_log_group.flow_log[0]","attribute":["arn"]},{"resource":"module.dag_trigger_lambda.aws_iam_role.lambda[0]","attribute":["arn"]},{"resource":"module.vpc.data.aws_iam_policy_document.flow_log_cloudwatch_assume_role[0]","attribute":["json"]},{"resource":"module.vpc.aws_internet_gateway.this[0]","attribute":["arn"]},{"resource":"module.dag_trigger_lambda.aws_lambda_function.this[0]","attribute":["source_code_hash"]},{"resource":"module.mwaa.aws_mwaa_environment.mwaa","attribute":["webserver_url"]},{"resource":"module.vpc.aws_route_table.database","attribute":[]},{"resource":"module.dag_trigger_lambda.aws_lambda_function.this[0]","attribute":["arn"]},{"resource":"module.vpc.aws_subnet.database","attribute":[]},{"resource":"module.vpc.aws_iam_role.vpc_flow_log_cloudwatch[0]","attribute":["arn"]},{"resource":"module.dag_trigger_lambda.aws_lambda_function.this[0]","attribute":["signing_job_arn"]},{"resource":"module.dag_trigger_lambda.aws_lambda_function.this[0]","attribute":["source_code_size"]},{"resource":"module.mwaa.aws_mwaa_environment.mwaa","attribute":["arn"]},{"resource":"module.mwaa.aws_mwaa_environment.mwaa","attribute":["service_role_arn"]},{"resource":"module.mwaa_bucket.aws_s3_bucket.this[0]","attribute":["id"]},{"resource":"module.mwaa_bucket.aws_s3_bucket.this[0]","attribute":["region"]},{"resource":"module.vpc.aws_route_table.public[0]","attribute":["id"]},{"resource":"module.vpc.aws_vpc_ipv4_cidr_block_association.this","attribute":[]},{"resource":"module.mwaa_bucket.data.aws_iam_policy_document.combined[0]","attribute":["json"]},{"resource":"module.mwaa_bucket.aws_s3_bucket_policy.this[0]","attribute":["policy"]},{"resource":"module.vpc.aws_subnet.public","attribute":[]},{"resource":"module.vpc.aws_vpc.this[0]","attribute":["cidr_block"]},{"resource":"module.vpc.aws_vpc.this[0]","attribute":["default_route_table_id"]},{"resource":"module.vpc.aws_route_table_association.database","attribute":[]},{"resource":"module.vpc.aws_route_table.elasticache","attribute":[]},{"resource":"module.dag_trigger_lambda.aws_cloudwatch_log_group.lambda[0]","attribute":["name"]},{"resource":"module.vpc.aws_network_acl.private[0]","attribute":["id"]},{"resource":"module.vpc.aws_vpc.this[0]","attribute":["ipv6_cidr_block"]},{"resource":"module.dag_trigger_lambda.aws_iam_policy.additional_inline[0]","attribute":["arn"]},{"resource":"module.vpc.aws_route_table.private","attribute":[]},{"resource":"module.input_bucket.aws_s3_bucket_website_configuration.this[0]","attribute":["website_endpoint"]},{"resource":"module.mwaa.aws_iam_role.mwaa[0]","attribute":["arn"]},{"resource":"module.vpc.aws_vpc.this[0]","attribute":["owner_id"]},{"resource":"module.mwaa_bucket.aws_s3_bucket_policy.this[0]","attribute":["id"]},{"resource":"module.vpc.aws_route_table.public","attribute":[]},{"resource":"module.vpc.aws_route_table_association.public","attribute":[]},{"resource":"module.dag_trigger_lambda.aws_lambda_function.this[0]","attribute":["qualified_invoke_arn"]},{"resource":"module.vpc.aws_network_acl.public[0]","attribute":["id"]},{"resource":"module.vpc.aws_subnet.private","attribute":[]},{"resource":"module.input_bucket.aws_s3_bucket_policy.this[0]","attribute":["policy"]},{"resource":"module.vpc.aws_vpc.this[0]","attribute":["arn"]},{"resource":"module.input_bucket.aws_s3_bucket.this[0]","attribute":["hosted_zone_id"]},{"resource":"module.vpc.aws_vpc.this[0]","attribute":["enable_dns_support"]}],"checks":[{"address":{"kind":"var","module":"module.mwaa","name":"environment_class","to_display":"module.mwaa.var.environment_class"},"status":"pass","instances":[{"address":{"module":"module.mwaa","to_display":"module.mwaa.var.environment_class"},"status":"pass"}]},{"address":{"kind":"var","module":"module.mwaa","name":"max_workers","to_display":"module.mwaa.var.max_workers"},"status":"pass","instances":[{"address":{"module":"module.mwaa","to_display":"module.mwaa.var.max_workers"},"status":"pass"}]},{"address":{"kind":"var","module":"module.mwaa","name":"webserver_access_mode","to_display":"module.mwaa.var.webserver_access_mode"},"status":"pass","instances":[{"address":{"module":"module.mwaa","to_display":"module.mwaa.var.webserver_access_mode"},"status":"pass"}]}],"timestamp":"2026-01-27T11:53:39Z","applyable":true,"complete":true,"errored":false}
