module.eks.data.aws_partition.current: Reading...
module.eks.module.kms.data.aws_caller_identity.current[0]: Reading...
module.eks.data.aws_caller_identity.current: Reading...
module.eks.data.aws_iam_policy_document.assume_role_policy[0]: Reading...
module.eks.module.kms.data.aws_partition.current[0]: Reading...
module.eks.module.kms.data.aws_partition.current[0]: Read complete after 0s [id=aws]
module.eks.data.aws_partition.current: Read complete after 0s [id=aws]
module.eks.data.aws_iam_policy_document.assume_role_policy[0]: Read complete after 0s [id=2764486067]
module.eks.data.aws_caller_identity.current: Read complete after 0s [id=000000000000]
module.eks.module.kms.data.aws_caller_identity.current[0]: Read complete after 0s [id=000000000000]
module.eks.module.eks_managed_node_group["default"].data.aws_partition.current: Reading...
module.eks.module.eks_managed_node_group["default"].data.aws_caller_identity.current: Reading...
module.eks.data.aws_iam_session_context.current: Reading...
module.eks.module.eks_managed_node_group["default"].data.aws_partition.current: Read complete after 0s [id=aws]
module.eks.module.eks_managed_node_group["default"].data.aws_caller_identity.current: Read complete after 0s [id=000000000000]
module.eks.data.aws_iam_session_context.current: Read complete after 0s [id=arn:aws:iam::000000000000:root]
module.eks.module.eks_managed_node_group["default"].data.aws_iam_policy_document.assume_role_policy[0]: Reading...
module.eks.module.eks_managed_node_group["default"].data.aws_iam_policy_document.assume_role_policy[0]: Read complete after 0s [id=2560088296]

Terraform used the selected providers to generate the following execution
plan. Resource actions are indicated with the following symbols:
  + create
 <= read (data resources)

Terraform will perform the following actions:

  # aws_cloudtrail.main will be created
  + resource "aws_cloudtrail" "main" {
      + arn                           = (known after apply)
      + enable_log_file_validation    = true
      + enable_logging                = true
      + home_region                   = (known after apply)
      + id                            = (known after apply)
      + include_global_service_events = true
      + is_multi_region_trail         = true
      + is_organization_trail         = false
      + name                          = "express-app-cloudtrail"
      + region                        = "us-east-1"
      + s3_bucket_name                = (known after apply)
      + sns_topic_arn                 = (known after apply)
      + tags_all                      = (known after apply)

      + event_selector {
          + include_management_events = true
          + read_write_type           = "All"
        }
    }

  # aws_cloudwatch_log_group.eks will be created
  + resource "aws_cloudwatch_log_group" "eks" {
      + arn                         = (known after apply)
      + deletion_protection_enabled = (known after apply)
      + id                          = (known after apply)
      + log_group_class             = (known after apply)
      + name                        = "/aws/eks/express-eks-cluster/cluster"
      + name_prefix                 = (known after apply)
      + region                      = "us-east-1"
      + retention_in_days           = 7
      + skip_destroy                = false
      + tags_all                    = (known after apply)
    }

  # aws_ecr_repository.app will be created
  + resource "aws_ecr_repository" "app" {
      + arn                  = (known after apply)
      + id                   = (known after apply)
      + image_tag_mutability = "MUTABLE"
      + name                 = "express-app-repo"
      + region               = "us-east-1"
      + registry_id          = (known after apply)
      + repository_url       = (known after apply)
      + tags                 = {
          + "Name" = "express-app-repo"
        }
      + tags_all             = {
          + "Name" = "express-app-repo"
        }

      + image_scanning_configuration {
          + scan_on_push = true
        }
    }

  # aws_s3_bucket.cloudtrail_bucket will be created
  + resource "aws_s3_bucket" "cloudtrail_bucket" {
      + acceleration_status         = (known after apply)
      + acl                         = (known after apply)
      + arn                         = (known after apply)
      + bucket                      = "express-eks-cluster-cloudtrail-logs"
      + bucket_domain_name          = (known after apply)
      + bucket_prefix               = (known after apply)
      + bucket_region               = (known after apply)
      + bucket_regional_domain_name = (known after apply)
      + force_destroy               = true
      + hosted_zone_id              = (known after apply)
      + id                          = (known after apply)
      + object_lock_enabled         = (known after apply)
      + policy                      = (known after apply)
      + region                      = "us-east-1"
      + request_payer               = (known after apply)
      + tags_all                    = (known after apply)
      + website_domain              = (known after apply)
      + website_endpoint            = (known after apply)

      + cors_rule (known after apply)

      + grant (known after apply)

      + lifecycle_rule (known after apply)

      + logging (known after apply)

      + object_lock_configuration (known after apply)

      + replication_configuration (known after apply)

      + server_side_encryption_configuration (known after apply)

      + versioning (known after apply)

      + website (known after apply)
    }

  # module.eks.data.tls_certificate.this[0] will be read during apply
  # (config refers to values not yet known)
 <= data "tls_certificate" "this" {
      + certificates = (known after apply)
      + id           = (known after apply)
      + url          = (known after apply)
    }

  # module.eks.aws_cloudwatch_log_group.this[0] will be created
  + resource "aws_cloudwatch_log_group" "this" {
      + arn                         = (known after apply)
      + deletion_protection_enabled = (known after apply)
      + id                          = (known after apply)
      + log_group_class             = (known after apply)
      + name                        = "/aws/eks/express-eks-cluster/cluster"
      + name_prefix                 = (known after apply)
      + region                      = "us-east-1"
      + retention_in_days           = 90
      + skip_destroy                = false
      + tags                        = {
          + "Name" = "/aws/eks/express-eks-cluster/cluster"
        }
      + tags_all                    = {
          + "Name" = "/aws/eks/express-eks-cluster/cluster"
        }
    }

  # module.eks.aws_eks_cluster.this[0] will be created
  + resource "aws_eks_cluster" "this" {
      + arn                           = (known after apply)
      + bootstrap_self_managed_addons = true
      + certificate_authority         = (known after apply)
      + cluster_id                    = (known after apply)
      + created_at                    = (known after apply)
      + deletion_protection           = (known after apply)
      + enabled_cluster_log_types     = [
          + "api",
          + "audit",
          + "authenticator",
        ]
      + endpoint                      = (known after apply)
      + id                            = (known after apply)
      + identity                      = (known after apply)
      + name                          = "express-eks-cluster"
      + platform_version              = (known after apply)
      + region                        = "us-east-1"
      + role_arn                      = (known after apply)
      + status                        = (known after apply)
      + tags                          = {
          + "Name"                  = "express-eks-cluster"
          + "terraform-aws-modules" = "eks"
        }
      + tags_all                      = {
          + "Name"                  = "express-eks-cluster"
          + "terraform-aws-modules" = "eks"
        }
      + version                       = "1.29"

      + access_config {
          + authentication_mode                         = "API_AND_CONFIG_MAP"
          + bootstrap_cluster_creator_admin_permissions = false
        }

      + compute_config (known after apply)

      + control_plane_scaling_config (known after apply)

      + encryption_config {
          + resources = [
              + "secrets",
            ]

          + provider {
              + key_arn = (known after apply)
            }
        }

      + kubernetes_network_config {
          + ip_family         = "ipv4"
          + service_ipv4_cidr = (known after apply)
          + service_ipv6_cidr = (known after apply)

          + elastic_load_balancing (known after apply)
        }

      + storage_config (known after apply)

      + timeouts {}

      + upgrade_policy (known after apply)

      + vpc_config {
          + cluster_security_group_id = (known after apply)
          + endpoint_private_access   = true
          + endpoint_public_access    = false
          + public_access_cidrs       = [
              + "0.0.0.0/0",
            ]
          + security_group_ids        = (known after apply)
          + subnet_ids                = (known after apply)
          + vpc_id                    = (known after apply)
        }
    }

  # module.eks.aws_iam_openid_connect_provider.oidc_provider[0] will be created
  + resource "aws_iam_openid_connect_provider" "oidc_provider" {
      + arn             = (known after apply)
      + client_id_list  = [
          + "sts.amazonaws.com",
        ]
      + id              = (known after apply)
      + tags            = {
          + "Name" = "express-eks-cluster"
        }
      + tags_all        = {
          + "Name" = "express-eks-cluster"
        }
      + thumbprint_list = (known after apply)
      + url             = (known after apply)
    }

  # module.eks.aws_iam_policy.cluster_encryption[0] will be created
  + resource "aws_iam_policy" "cluster_encryption" {
      + arn              = (known after apply)
      + attachment_count = (known after apply)
      + description      = "Cluster encryption policy to allow cluster role to utilize CMK provided"
      + id               = (known after apply)
      + name             = (known after apply)
      + name_prefix      = "express-eks-cluster-cluster-ClusterEncryption"
      + path             = "/"
      + policy           = (known after apply)
      + policy_id        = (known after apply)
      + tags             = {
          + "Name" = "express-eks-cluster"
        }
      + tags_all         = {
          + "Name" = "express-eks-cluster"
        }
    }

  # module.eks.aws_iam_role.this[0] will be created
  + resource "aws_iam_role" "this" {
      + arn                   = (known after apply)
      + assume_role_policy    = jsonencode(
            {
              + Statement = [
                  + {
                      + Action    = "sts:AssumeRole"
                      + Effect    = "Allow"
                      + Principal = {
                          + Service = "eks.amazonaws.com"
                        }
                      + Sid       = "EKSClusterAssumeRole"
                    },
                ]
              + Version   = "2012-10-17"
            }
        )
      + create_date           = (known after apply)
      + force_detach_policies = true
      + id                    = (known after apply)
      + managed_policy_arns   = (known after apply)
      + max_session_duration  = 3600
      + name                  = (known after apply)
      + name_prefix           = "express-eks-cluster-cluster-"
      + path                  = "/"
      + tags                  = {
          + "Name" = "express-eks-cluster"
        }
      + tags_all              = {
          + "Name" = "express-eks-cluster"
        }
      + unique_id             = (known after apply)

      + inline_policy {
          + name   = "express-eks-cluster-cluster"
          + policy = jsonencode(
                {
                  + Statement = [
                      + {
                          + Action   = [
                              + "logs:CreateLogGroup",
                            ]
                          + Effect   = "Deny"
                          + Resource = "*"
                        },
                    ]
                  + Version   = "2012-10-17"
                }
            )
        }
    }

  # module.eks.aws_iam_role_policy_attachment.cluster_encryption[0] will be created
  + resource "aws_iam_role_policy_attachment" "cluster_encryption" {
      + id         = (known after apply)
      + policy_arn = (known after apply)
      + role       = (known after apply)
    }

  # module.eks.aws_iam_role_policy_attachment.this["AmazonEKSClusterPolicy"] will be created
  + resource "aws_iam_role_policy_attachment" "this" {
      + id         = (known after apply)
      + policy_arn = "arn:aws:iam::aws:policy/AmazonEKSClusterPolicy"
      + role       = (known after apply)
    }

  # module.eks.aws_iam_role_policy_attachment.this["AmazonEKSVPCResourceController"] will be created
  + resource "aws_iam_role_policy_attachment" "this" {
      + id         = (known after apply)
      + policy_arn = "arn:aws:iam::aws:policy/AmazonEKSVPCResourceController"
      + role       = (known after apply)
    }

  # module.eks.aws_security_group.cluster[0] will be created
  + resource "aws_security_group" "cluster" {
      + arn                    = (known after apply)
      + description            = "EKS cluster security group"
      + egress                 = (known after apply)
      + id                     = (known after apply)
      + ingress                = (known after apply)
      + name                   = (known after apply)
      + name_prefix            = "express-eks-cluster-cluster-"
      + owner_id               = (known after apply)
      + region                 = "us-east-1"
      + revoke_rules_on_delete = false
      + tags                   = {
          + "Name" = "express-eks-cluster-cluster"
        }
      + tags_all               = {
          + "Name" = "express-eks-cluster-cluster"
        }
      + vpc_id                 = (known after apply)
    }

  # module.eks.aws_security_group.node[0] will be created
  + resource "aws_security_group" "node" {
      + arn                    = (known after apply)
      + description            = "EKS node shared security group"
      + egress                 = (known after apply)
      + id                     = (known after apply)
      + ingress                = (known after apply)
      + name                   = (known after apply)
      + name_prefix            = "express-eks-cluster-node-"
      + owner_id               = (known after apply)
      + region                 = "us-east-1"
      + revoke_rules_on_delete = false
      + tags                   = {
          + "Name"                                      = "express-eks-cluster-node"
          + "kubernetes.io/cluster/express-eks-cluster" = "owned"
        }
      + tags_all               = {
          + "Name"                                      = "express-eks-cluster-node"
          + "kubernetes.io/cluster/express-eks-cluster" = "owned"
        }
      + vpc_id                 = (known after apply)
    }

  # module.eks.aws_security_group_rule.cluster["ingress_nodes_443"] will be created
  + resource "aws_security_group_rule" "cluster" {
      + description              = "Node groups to cluster API"
      + from_port                = 443
      + id                       = (known after apply)
      + protocol                 = "tcp"
      + region                   = "us-east-1"
      + security_group_id        = (known after apply)
      + security_group_rule_id   = (known after apply)
      + self                     = false
      + source_security_group_id = (known after apply)
      + to_port                  = 443
      + type                     = "ingress"
    }

  # module.eks.aws_security_group_rule.node["egress_all"] will be created
  + resource "aws_security_group_rule" "node" {
      + cidr_blocks              = [
          + "0.0.0.0/0",
        ]
      + description              = "Allow all egress"
      + from_port                = 0
      + id                       = (known after apply)
      + prefix_list_ids          = []
      + protocol                 = "-1"
      + region                   = "us-east-1"
      + security_group_id        = (known after apply)
      + security_group_rule_id   = (known after apply)
      + self                     = false
      + source_security_group_id = (known after apply)
      + to_port                  = 0
      + type                     = "egress"
    }

  # module.eks.aws_security_group_rule.node["ingress_cluster_443"] will be created
  + resource "aws_security_group_rule" "node" {
      + description              = "Cluster API to node groups"
      + from_port                = 443
      + id                       = (known after apply)
      + prefix_list_ids          = []
      + protocol                 = "tcp"
      + region                   = "us-east-1"
      + security_group_id        = (known after apply)
      + security_group_rule_id   = (known after apply)
      + self                     = false
      + source_security_group_id = (known after apply)
      + to_port                  = 443
      + type                     = "ingress"
    }

  # module.eks.aws_security_group_rule.node["ingress_cluster_4443_webhook"] will be created
  + resource "aws_security_group_rule" "node" {
      + description              = "Cluster API to node 4443/tcp webhook"
      + from_port                = 4443
      + id                       = (known after apply)
      + prefix_list_ids          = []
      + protocol                 = "tcp"
      + region                   = "us-east-1"
      + security_group_id        = (known after apply)
      + security_group_rule_id   = (known after apply)
      + self                     = false
      + source_security_group_id = (known after apply)
      + to_port                  = 4443
      + type                     = "ingress"
    }

  # module.eks.aws_security_group_rule.node["ingress_cluster_6443_webhook"] will be created
  + resource "aws_security_group_rule" "node" {
      + description              = "Cluster API to node 6443/tcp webhook"
      + from_port                = 6443
      + id                       = (known after apply)
      + prefix_list_ids          = []
      + protocol                 = "tcp"
      + region                   = "us-east-1"
      + security_group_id        = (known after apply)
      + security_group_rule_id   = (known after apply)
      + self                     = false
      + source_security_group_id = (known after apply)
      + to_port                  = 6443
      + type                     = "ingress"
    }

  # module.eks.aws_security_group_rule.node["ingress_cluster_8443_webhook"] will be created
  + resource "aws_security_group_rule" "node" {
      + description              = "Cluster API to node 8443/tcp webhook"
      + from_port                = 8443
      + id                       = (known after apply)
      + prefix_list_ids          = []
      + protocol                 = "tcp"
      + region                   = "us-east-1"
      + security_group_id        = (known after apply)
      + security_group_rule_id   = (known after apply)
      + self                     = false
      + source_security_group_id = (known after apply)
      + to_port                  = 8443
      + type                     = "ingress"
    }

  # module.eks.aws_security_group_rule.node["ingress_cluster_9443_webhook"] will be created
  + resource "aws_security_group_rule" "node" {
      + description              = "Cluster API to node 9443/tcp webhook"
      + from_port                = 9443
      + id                       = (known after apply)
      + prefix_list_ids          = []
      + protocol                 = "tcp"
      + region                   = "us-east-1"
      + security_group_id        = (known after apply)
      + security_group_rule_id   = (known after apply)
      + self                     = false
      + source_security_group_id = (known after apply)
      + to_port                  = 9443
      + type                     = "ingress"
    }

  # module.eks.aws_security_group_rule.node["ingress_cluster_kubelet"] will be created
  + resource "aws_security_group_rule" "node" {
      + description              = "Cluster API to node kubelets"
      + from_port                = 10250
      + id                       = (known after apply)
      + prefix_list_ids          = []
      + protocol                 = "tcp"
      + region                   = "us-east-1"
      + security_group_id        = (known after apply)
      + security_group_rule_id   = (known after apply)
      + self                     = false
      + source_security_group_id = (known after apply)
      + to_port                  = 10250
      + type                     = "ingress"
    }

  # module.eks.aws_security_group_rule.node["ingress_nodes_ephemeral"] will be created
  + resource "aws_security_group_rule" "node" {
      + description              = "Node to node ingress on ephemeral ports"
      + from_port                = 1025
      + id                       = (known after apply)
      + prefix_list_ids          = []
      + protocol                 = "tcp"
      + region                   = "us-east-1"
      + security_group_id        = (known after apply)
      + security_group_rule_id   = (known after apply)
      + self                     = true
      + source_security_group_id = (known after apply)
      + to_port                  = 65535
      + type                     = "ingress"
    }

  # module.eks.aws_security_group_rule.node["ingress_self_coredns_tcp"] will be created
  + resource "aws_security_group_rule" "node" {
      + description              = "Node to node CoreDNS"
      + from_port                = 53
      + id                       = (known after apply)
      + prefix_list_ids          = []
      + protocol                 = "tcp"
      + region                   = "us-east-1"
      + security_group_id        = (known after apply)
      + security_group_rule_id   = (known after apply)
      + self                     = true
      + source_security_group_id = (known after apply)
      + to_port                  = 53
      + type                     = "ingress"
    }

  # module.eks.aws_security_group_rule.node["ingress_self_coredns_udp"] will be created
  + resource "aws_security_group_rule" "node" {
      + description              = "Node to node CoreDNS UDP"
      + from_port                = 53
      + id                       = (known after apply)
      + prefix_list_ids          = []
      + protocol                 = "udp"
      + region                   = "us-east-1"
      + security_group_id        = (known after apply)
      + security_group_rule_id   = (known after apply)
      + self                     = true
      + source_security_group_id = (known after apply)
      + to_port                  = 53
      + type                     = "ingress"
    }

  # module.eks.time_sleep.this[0] will be created
  + resource "time_sleep" "this" {
      + create_duration = "30s"
      + id              = (known after apply)
      + triggers        = {
          + "cluster_certificate_authority_data" = (known after apply)
          + "cluster_endpoint"                   = (known after apply)
          + "cluster_name"                       = "express-eks-cluster"
          + "cluster_service_cidr"               = (known after apply)
          + "cluster_version"                    = "1.29"
        }
    }

  # module.vpc.aws_default_network_acl.this[0] will be created
  + resource "aws_default_network_acl" "this" {
      + arn                    = (known after apply)
      + default_network_acl_id = (known after apply)
      + id                     = (known after apply)
      + owner_id               = (known after apply)
      + region                 = "us-east-1"
      + tags                   = {
          + "Name" = "express-vpc"
        }
      + tags_all               = {
          + "Name" = "express-vpc"
        }
      + vpc_id                 = (known after apply)

      + egress {
          + action          = "allow"
          + from_port       = 0
          + ipv6_cidr_block = "::/0"
          + protocol        = "-1"
          + rule_no         = 101
          + to_port         = 0
            # (1 unchanged attribute hidden)
        }
      + egress {
          + action          = "allow"
          + cidr_block      = "0.0.0.0/0"
          + from_port       = 0
          + protocol        = "-1"
          + rule_no         = 100
          + to_port         = 0
            # (1 unchanged attribute hidden)
        }

      + ingress {
          + action          = "allow"
          + from_port       = 0
          + ipv6_cidr_block = "::/0"
          + protocol        = "-1"
          + rule_no         = 101
          + to_port         = 0
            # (1 unchanged attribute hidden)
        }
      + ingress {
          + action          = "allow"
          + cidr_block      = "0.0.0.0/0"
          + from_port       = 0
          + protocol        = "-1"
          + rule_no         = 100
          + to_port         = 0
            # (1 unchanged attribute hidden)
        }
    }

  # module.vpc.aws_default_route_table.default[0] will be created
  + resource "aws_default_route_table" "default" {
      + arn                    = (known after apply)
      + default_route_table_id = (known after apply)
      + id                     = (known after apply)
      + owner_id               = (known after apply)
      + region                 = "us-east-1"
      + route                  = (known after apply)
      + tags                   = {
          + "Name" = "express-vpc"
        }
      + tags_all               = {
          + "Name" = "express-vpc"
        }
      + vpc_id                 = (known after apply)

      + timeouts {
          + create = "5m"
          + update = "5m"
        }
    }

  # module.vpc.aws_default_security_group.this[0] will be created
  + resource "aws_default_security_group" "this" {
      + arn                    = (known after apply)
      + description            = (known after apply)
      + egress                 = (known after apply)
      + id                     = (known after apply)
      + ingress                = (known after apply)
      + name                   = (known after apply)
      + name_prefix            = (known after apply)
      + owner_id               = (known after apply)
      + region                 = "us-east-1"
      + revoke_rules_on_delete = false
      + tags                   = {
          + "Name" = "express-vpc"
        }
      + tags_all               = {
          + "Name" = "express-vpc"
        }
      + vpc_id                 = (known after apply)
    }

  # module.vpc.aws_eip.nat[0] will be created
  + resource "aws_eip" "nat" {
      + allocation_id        = (known after apply)
      + arn                  = (known after apply)
      + association_id       = (known after apply)
      + carrier_ip           = (known after apply)
      + customer_owned_ip    = (known after apply)
      + domain               = "vpc"
      + id                   = (known after apply)
      + instance             = (known after apply)
      + ipam_pool_id         = (known after apply)
      + network_border_group = (known after apply)
      + network_interface    = (known after apply)
      + private_dns          = (known after apply)
      + private_ip           = (known after apply)
      + ptr_record           = (known after apply)
      + public_dns           = (known after apply)
      + public_ip            = (known after apply)
      + public_ipv4_pool     = (known after apply)
      + region               = "us-east-1"
      + tags                 = {
          + "Name" = "express-vpc"
        }
      + tags_all             = {
          + "Name" = "express-vpc"
        }
    }

  # module.vpc.aws_internet_gateway.this[0] will be created
  + resource "aws_internet_gateway" "this" {
      + arn      = (known after apply)
      + id       = (known after apply)
      + owner_id = (known after apply)
      + region   = "us-east-1"
      + tags     = {
          + "Name" = "express-vpc"
        }
      + tags_all = {
          + "Name" = "express-vpc"
        }
      + vpc_id   = (known after apply)
    }

  # module.vpc.aws_nat_gateway.this[0] will be created
  + resource "aws_nat_gateway" "this" {
      + allocation_id                      = (known after apply)
      + association_id                     = (known after apply)
      + auto_provision_zones               = (known after apply)
      + auto_scaling_ips                   = (known after apply)
      + availability_mode                  = (known after apply)
      + connectivity_type                  = "public"
      + id                                 = (known after apply)
      + network_interface_id               = (known after apply)
      + private_ip                         = (known after apply)
      + public_ip                          = (known after apply)
      + region                             = "us-east-1"
      + regional_nat_gateway_address       = (known after apply)
      + regional_nat_gateway_auto_mode     = (known after apply)
      + route_table_id                     = (known after apply)
      + secondary_allocation_ids           = (known after apply)
      + secondary_private_ip_address_count = (known after apply)
      + secondary_private_ip_addresses     = (known after apply)
      + subnet_id                          = (known after apply)
      + tags                               = {
          + "Name" = "express-vpc"
        }
      + tags_all                           = {
          + "Name" = "express-vpc"
        }
      + vpc_id                             = (known after apply)
    }

  # module.vpc.aws_route.private_nat_gateway[0] will be created
  + resource "aws_route" "private_nat_gateway" {
      + destination_cidr_block = "0.0.0.0/0"
      + id                     = (known after apply)
      + instance_id            = (known after apply)
      + instance_owner_id      = (known after apply)
      + nat_gateway_id         = (known after apply)
      + network_interface_id   = (known after apply)
      + origin                 = (known after apply)
      + region                 = "us-east-1"
      + route_table_id         = (known after apply)
      + state                  = (known after apply)

      + timeouts {
          + create = "5m"
        }
    }

  # module.vpc.aws_route.public_internet_gateway[0] will be created
  + resource "aws_route" "public_internet_gateway" {
      + destination_cidr_block = "0.0.0.0/0"
      + gateway_id             = (known after apply)
      + id                     = (known after apply)
      + instance_id            = (known after apply)
      + instance_owner_id      = (known after apply)
      + network_interface_id   = (known after apply)
      + origin                 = (known after apply)
      + region                 = "us-east-1"
      + route_table_id         = (known after apply)
      + state                  = (known after apply)

      + timeouts {
          + create = "5m"
        }
    }

  # module.vpc.aws_route_table.private[0] will be created
  + resource "aws_route_table" "private" {
      + arn              = (known after apply)
      + id               = (known after apply)
      + owner_id         = (known after apply)
      + propagating_vgws = (known after apply)
      + region           = "us-east-1"
      + route            = (known after apply)
      + tags             = {
          + "Name" = "express-vpc"
        }
      + tags_all         = {
          + "Name" = "express-vpc"
        }
      + vpc_id           = (known after apply)
    }

  # module.vpc.aws_route_table.public[0] will be created
  + resource "aws_route_table" "public" {
      + arn              = (known after apply)
      + id               = (known after apply)
      + owner_id         = (known after apply)
      + propagating_vgws = (known after apply)
      + region           = "us-east-1"
      + route            = (known after apply)
      + tags             = {
          + "Name" = "express-vpc"
        }
      + tags_all         = {
          + "Name" = "express-vpc"
        }
      + vpc_id           = (known after apply)
    }

  # module.vpc.aws_route_table_association.private[0] will be created
  + resource "aws_route_table_association" "private" {
      + id             = (known after apply)
      + region         = "us-east-1"
      + route_table_id = (known after apply)
      + subnet_id      = (known after apply)
    }

  # module.vpc.aws_route_table_association.private[1] will be created
  + resource "aws_route_table_association" "private" {
      + id             = (known after apply)
      + region         = "us-east-1"
      + route_table_id = (known after apply)
      + subnet_id      = (known after apply)
    }

  # module.vpc.aws_route_table_association.public[0] will be created
  + resource "aws_route_table_association" "public" {
      + id             = (known after apply)
      + region         = "us-east-1"
      + route_table_id = (known after apply)
      + subnet_id      = (known after apply)
    }

  # module.vpc.aws_route_table_association.public[1] will be created
  + resource "aws_route_table_association" "public" {
      + id             = (known after apply)
      + region         = "us-east-1"
      + route_table_id = (known after apply)
      + subnet_id      = (known after apply)
    }

  # module.vpc.aws_subnet.private[0] will be created
  + resource "aws_subnet" "private" {
      + arn                                            = (known after apply)
      + assign_ipv6_address_on_creation                = false
      + availability_zone                              = "us-east-1a"
      + availability_zone_id                           = (known after apply)
      + cidr_block                                     = "10.0.101.0/24"
      + enable_dns64                                   = false
      + enable_resource_name_dns_a_record_on_launch    = false
      + enable_resource_name_dns_aaaa_record_on_launch = false
      + id                                             = (known after apply)
      + ipv6_cidr_block_association_id                 = (known after apply)
      + ipv6_native                                    = false
      + map_public_ip_on_launch                        = false
      + owner_id                                       = (known after apply)
      + private_dns_hostname_type_on_launch            = (known after apply)
      + region                                         = "us-east-1"
      + tags                                           = {
          + "Name" = "express-vpc"
        }
      + tags_all                                       = {
          + "Name" = "express-vpc"
        }
      + vpc_id                                         = (known after apply)
    }

  # module.vpc.aws_subnet.private[1] will be created
  + resource "aws_subnet" "private" {
      + arn                                            = (known after apply)
      + assign_ipv6_address_on_creation                = false
      + availability_zone                              = "us-east-1b"
      + availability_zone_id                           = (known after apply)
      + cidr_block                                     = "10.0.102.0/24"
      + enable_dns64                                   = false
      + enable_resource_name_dns_a_record_on_launch    = false
      + enable_resource_name_dns_aaaa_record_on_launch = false
      + id                                             = (known after apply)
      + ipv6_cidr_block_association_id                 = (known after apply)
      + ipv6_native                                    = false
      + map_public_ip_on_launch                        = false
      + owner_id                                       = (known after apply)
      + private_dns_hostname_type_on_launch            = (known after apply)
      + region                                         = "us-east-1"
      + tags                                           = {
          + "Name" = "express-vpc"
        }
      + tags_all                                       = {
          + "Name" = "express-vpc"
        }
      + vpc_id                                         = (known after apply)
    }

  # module.vpc.aws_subnet.public[0] will be created
  + resource "aws_subnet" "public" {
      + arn                                            = (known after apply)
      + assign_ipv6_address_on_creation                = false
      + availability_zone                              = "us-east-1a"
      + availability_zone_id                           = (known after apply)
      + cidr_block                                     = "10.0.1.0/24"
      + enable_dns64                                   = false
      + enable_resource_name_dns_a_record_on_launch    = false
      + enable_resource_name_dns_aaaa_record_on_launch = false
      + id                                             = (known after apply)
      + ipv6_cidr_block_association_id                 = (known after apply)
      + ipv6_native                                    = false
      + map_public_ip_on_launch                        = false
      + owner_id                                       = (known after apply)
      + private_dns_hostname_type_on_launch            = (known after apply)
      + region                                         = "us-east-1"
      + tags                                           = {
          + "Name" = "express-vpc"
        }
      + tags_all                                       = {
          + "Name" = "express-vpc"
        }
      + vpc_id                                         = (known after apply)
    }

  # module.vpc.aws_subnet.public[1] will be created
  + resource "aws_subnet" "public" {
      + arn                                            = (known after apply)
      + assign_ipv6_address_on_creation                = false
      + availability_zone                              = "us-east-1b"
      + availability_zone_id                           = (known after apply)
      + cidr_block                                     = "10.0.2.0/24"
      + enable_dns64                                   = false
      + enable_resource_name_dns_a_record_on_launch    = false
      + enable_resource_name_dns_aaaa_record_on_launch = false
      + id                                             = (known after apply)
      + ipv6_cidr_block_association_id                 = (known after apply)
      + ipv6_native                                    = false
      + map_public_ip_on_launch                        = false
      + owner_id                                       = (known after apply)
      + private_dns_hostname_type_on_launch            = (known after apply)
      + region                                         = "us-east-1"
      + tags                                           = {
          + "Name" = "express-vpc"
        }
      + tags_all                                       = {
          + "Name" = "express-vpc"
        }
      + vpc_id                                         = (known after apply)
    }

  # module.vpc.aws_vpc.this[0] will be created
  + resource "aws_vpc" "this" {
      + arn                                  = (known after apply)
      + cidr_block                           = "10.0.0.0/16"
      + default_network_acl_id               = (known after apply)
      + default_route_table_id               = (known after apply)
      + default_security_group_id            = (known after apply)
      + dhcp_options_id                      = (known after apply)
      + enable_dns_hostnames                 = true
      + enable_dns_support                   = true
      + enable_network_address_usage_metrics = (known after apply)
      + id                                   = (known after apply)
      + instance_tenancy                     = "default"
      + ipv6_association_id                  = (known after apply)
      + ipv6_cidr_block                      = (known after apply)
      + ipv6_cidr_block_network_border_group = (known after apply)
      + main_route_table_id                  = (known after apply)
      + owner_id                             = (known after apply)
      + region                               = "us-east-1"
      + tags                                 = {
          + "Name" = "express-vpc"
        }
      + tags_all                             = {
          + "Name" = "express-vpc"
        }
    }

  # module.eks.module.eks_managed_node_group["default"].aws_eks_node_group.this[0] will be created
  + resource "aws_eks_node_group" "this" {
      + ami_type               = (known after apply)
      + arn                    = (known after apply)
      + capacity_type          = (known after apply)
      + cluster_name           = "express-eks-cluster"
      + disk_size              = (known after apply)
      + id                     = (known after apply)
      + instance_types         = [
          + "t3.medium",
        ]
      + node_group_name        = (known after apply)
      + node_group_name_prefix = "default-"
      + node_role_arn          = (known after apply)
      + region                 = "us-east-1"
      + release_version        = (known after apply)
      + resources              = (known after apply)
      + status                 = (known after apply)
      + subnet_ids             = (known after apply)
      + tags                   = {
          + "Name" = "default"
        }
      + tags_all               = {
          + "Name" = "default"
        }
      + version                = "1.29"

      + launch_template {
          + id      = (known after apply)
          + name    = (known after apply)
          + version = (known after apply)
        }

      + node_repair_config (known after apply)

      + scaling_config {
          + desired_size = 2
          + max_size     = 3
          + min_size     = 1
        }

      + timeouts {}

      + update_config {
          + max_unavailable_percentage = 33
        }
    }

  # module.eks.module.eks_managed_node_group["default"].aws_iam_role.this[0] will be created
  + resource "aws_iam_role" "this" {
      + arn                   = (known after apply)
      + assume_role_policy    = jsonencode(
            {
              + Statement = [
                  + {
                      + Action    = "sts:AssumeRole"
                      + Effect    = "Allow"
                      + Principal = {
                          + Service = "ec2.amazonaws.com"
                        }
                      + Sid       = "EKSNodeAssumeRole"
                    },
                ]
              + Version   = "2012-10-17"
            }
        )
      + create_date           = (known after apply)
      + description           = "EKS managed node group IAM role"
      + force_detach_policies = true
      + id                    = (known after apply)
      + managed_policy_arns   = (known after apply)
      + max_session_duration  = 3600
      + name                  = (known after apply)
      + name_prefix           = "default-eks-node-group-"
      + path                  = "/"
      + tags                  = {
          + "Name" = "express-eks-cluster"
        }
      + tags_all              = {
          + "Name" = "express-eks-cluster"
        }
      + unique_id             = (known after apply)

      + inline_policy (known after apply)
    }

  # module.eks.module.eks_managed_node_group["default"].aws_iam_role_policy_attachment.this["AmazonEC2ContainerRegistryReadOnly"] will be created
  + resource "aws_iam_role_policy_attachment" "this" {
      + id         = (known after apply)
      + policy_arn = "arn:aws:iam::aws:policy/AmazonEC2ContainerRegistryReadOnly"
      + role       = (known after apply)
    }

  # module.eks.module.eks_managed_node_group["default"].aws_iam_role_policy_attachment.this["AmazonEKSWorkerNodePolicy"] will be created
  + resource "aws_iam_role_policy_attachment" "this" {
      + id         = (known after apply)
      + policy_arn = "arn:aws:iam::aws:policy/AmazonEKSWorkerNodePolicy"
      + role       = (known after apply)
    }

  # module.eks.module.eks_managed_node_group["default"].aws_iam_role_policy_attachment.this["AmazonEKS_CNI_Policy"] will be created
  + resource "aws_iam_role_policy_attachment" "this" {
      + id         = (known after apply)
      + policy_arn = "arn:aws:iam::aws:policy/AmazonEKS_CNI_Policy"
      + role       = (known after apply)
    }

  # module.eks.module.eks_managed_node_group["default"].aws_launch_template.this[0] will be created
  + resource "aws_launch_template" "this" {
      + arn                    = (known after apply)
      + default_version        = (known after apply)
      + description            = "Custom launch template for default EKS managed node group"
      + id                     = (known after apply)
      + latest_version         = (known after apply)
      + name                   = (known after apply)
      + name_prefix            = "default-"
      + region                 = "us-east-1"
      + tags                   = {
          + "Name" = "express-eks-cluster"
        }
      + tags_all               = {
          + "Name" = "express-eks-cluster"
        }
      + update_default_version = true
      + vpc_security_group_ids = (known after apply)
        # (2 unchanged attributes hidden)

      + metadata_options {
          + http_endpoint               = "enabled"
          + http_protocol_ipv6          = (known after apply)
          + http_put_response_hop_limit = 2
          + http_tokens                 = "required"
          + instance_metadata_tags      = (known after apply)
        }

      + monitoring {
          + enabled = true
        }

      + tag_specifications {
          + resource_type = "instance"
          + tags          = {
              + "Name" = "default"
            }
        }
      + tag_specifications {
          + resource_type = "network-interface"
          + tags          = {
              + "Name" = "default"
            }
        }
      + tag_specifications {
          + resource_type = "volume"
          + tags          = {
              + "Name" = "default"
            }
        }
    }

  # module.eks.module.kms.data.aws_iam_policy_document.this[0] will be read during apply
  # (config refers to values not yet known)
 <= data "aws_iam_policy_document" "this" {
      + id                        = (known after apply)
      + json                      = (known after apply)
      + minified_json             = (known after apply)
      + override_policy_documents = []
      + source_policy_documents   = []

      + statement {
          + actions   = [
              + "kms:*",
            ]
          + resources = [
              + "*",
            ]
          + sid       = "Default"

          + principals {
              + identifiers = [
                  + "arn:aws:iam::000000000000:root",
                ]
              + type        = "AWS"
            }
        }
      + statement {
          + actions   = [
              + "kms:CancelKeyDeletion",
              + "kms:Create*",
              + "kms:Delete*",
              + "kms:Describe*",
              + "kms:Disable*",
              + "kms:Enable*",
              + "kms:Get*",
              + "kms:ImportKeyMaterial",
              + "kms:List*",
              + "kms:Put*",
              + "kms:ReplicateKey",
              + "kms:Revoke*",
              + "kms:ScheduleKeyDeletion",
              + "kms:TagResource",
              + "kms:UntagResource",
              + "kms:Update*",
            ]
          + resources = [
              + "*",
            ]
          + sid       = "KeyAdministration"

          + principals {
              + identifiers = [
                  + "arn:aws:iam::000000000000:root",
                ]
              + type        = "AWS"
            }
        }
      + statement {
          + actions   = [
              + "kms:Decrypt",
              + "kms:DescribeKey",
              + "kms:Encrypt",
              + "kms:GenerateDataKey*",
              + "kms:ReEncrypt*",
            ]
          + resources = [
              + "*",
            ]
          + sid       = "KeyUsage"

          + principals {
              + identifiers = [
                  + (known after apply),
                ]
              + type        = "AWS"
            }
        }
    }

  # module.eks.module.kms.aws_kms_alias.this["cluster"] will be created
  + resource "aws_kms_alias" "this" {
      + arn            = (known after apply)
      + id             = (known after apply)
      + name           = "alias/eks/express-eks-cluster"
      + name_prefix    = (known after apply)
      + region         = "us-east-1"
      + target_key_arn = (known after apply)
      + target_key_id  = (known after apply)
    }

  # module.eks.module.kms.aws_kms_key.this[0] will be created
  + resource "aws_kms_key" "this" {
      + arn                                = (known after apply)
      + bypass_policy_lockout_safety_check = false
      + customer_master_key_spec           = "SYMMETRIC_DEFAULT"
      + description                        = "express-eks-cluster cluster encryption key"
      + enable_key_rotation                = true
      + id                                 = (known after apply)
      + is_enabled                         = true
      + key_id                             = (known after apply)
      + key_usage                          = "ENCRYPT_DECRYPT"
      + multi_region                       = false
      + policy                             = (known after apply)
      + region                             = "us-east-1"
      + rotation_period_in_days            = (known after apply)
      + tags                               = {
          + "Name"                  = "express-eks-cluster"
          + "terraform-aws-modules" = "eks"
        }
      + tags_all                           = {
          + "Name"                  = "express-eks-cluster"
          + "terraform-aws-modules" = "eks"
        }
    }

  # module.eks.module.eks_managed_node_group["default"].module.user_data.null_resource.validate_cluster_service_cidr will be created
  + resource "null_resource" "validate_cluster_service_cidr" {
      + id = (known after apply)
    }

Plan: 54 to add, 0 to change, 0 to destroy.

Changes to Outputs:
  + ecr_repository_url            = (known after apply)
  + eks_cluster_endpoint          = (known after apply)
  + eks_cluster_name              = "express-eks-cluster"
  + eks_cluster_security_group_id = (known after apply)
  + vpc_id                        = (known after apply)
module.eks.aws_cloudwatch_log_group.this[0]: Creating...
aws_ecr_repository.app: Creating...
module.eks.aws_iam_role.this[0]: Creating...
aws_cloudwatch_log_group.eks: Creating...
module.vpc.aws_vpc.this[0]: Creating...
aws_s3_bucket.cloudtrail_bucket: Creating...
module.eks.aws_iam_role.this[0]: Creation complete after 1s [id=express-eks-cluster-cluster-20260119174640337200000001]
module.eks.aws_iam_role_policy_attachment.this["AmazonEKSClusterPolicy"]: Creating...
module.eks.aws_iam_role_policy_attachment.this["AmazonEKSVPCResourceController"]: Creating...
module.eks.module.kms.data.aws_iam_policy_document.this[0]: Reading...
module.eks.module.kms.data.aws_iam_policy_document.this[0]: Read complete after 0s [id=2385138813]
module.eks.module.kms.aws_kms_key.this[0]: Creating...
module.eks.aws_iam_role_policy_attachment.this["AmazonEKSClusterPolicy"]: Creation complete after 0s [id=express-eks-cluster-cluster-20260119174640337200000001/arn:aws:iam::aws:policy/AmazonEKSClusterPolicy]
module.eks.aws_iam_role_policy_attachment.this["AmazonEKSVPCResourceController"]: Creation complete after 0s [id=express-eks-cluster-cluster-20260119174640337200000001/arn:aws:iam::aws:policy/AmazonEKSVPCResourceController]
module.eks.aws_cloudwatch_log_group.this[0]: Creation complete after 1s [id=/aws/eks/express-eks-cluster/cluster]
aws_ecr_repository.app: Creation complete after 4s [id=express-app-repo]
module.vpc.aws_vpc.this[0]: Still creating... [00m10s elapsed]
aws_s3_bucket.cloudtrail_bucket: Still creating... [00m10s elapsed]
module.eks.module.kms.aws_kms_key.this[0]: Still creating... [00m10s elapsed]
module.eks.module.kms.aws_kms_key.this[0]: Creation complete after 12s [id=0cfb607c-2544-4c90-88c7-25652de8b76c]
module.eks.module.kms.aws_kms_alias.this["cluster"]: Creating...
module.eks.aws_iam_policy.cluster_encryption[0]: Creating...
module.eks.module.kms.aws_kms_alias.this["cluster"]: Creation complete after 0s [id=alias/eks/express-eks-cluster]
module.eks.aws_iam_policy.cluster_encryption[0]: Creation complete after 0s [id=arn:aws:iam::000000000000:policy/express-eks-cluster-cluster-ClusterEncryption20260119174653395900000002]
module.eks.aws_iam_role_policy_attachment.cluster_encryption[0]: Creating...
module.eks.aws_iam_role_policy_attachment.cluster_encryption[0]: Creation complete after 0s [id=express-eks-cluster-cluster-20260119174640337200000001/arn:aws:iam::000000000000:policy/express-eks-cluster-cluster-ClusterEncryption20260119174653395900000002]
module.vpc.aws_vpc.this[0]: Creation complete after 14s [id=vpc-9b3e4f50e7d345edc]
module.vpc.aws_default_route_table.default[0]: Creating...
module.vpc.aws_default_security_group.this[0]: Creating...
module.vpc.aws_route_table.private[0]: Creating...
module.vpc.aws_route_table.public[0]: Creating...
module.vpc.aws_default_network_acl.this[0]: Creating...
module.vpc.aws_subnet.private[0]: Creating...
module.vpc.aws_internet_gateway.this[0]: Creating...
module.eks.aws_security_group.cluster[0]: Creating...
module.vpc.aws_subnet.private[1]: Creating...
module.vpc.aws_default_route_table.default[0]: Creation complete after 0s [id=rtb-d1ec72cca89125a76]
module.vpc.aws_subnet.private[0]: Creation complete after 0s [id=subnet-6093a12e04fb57d89]
module.vpc.aws_internet_gateway.this[0]: Creation complete after 0s [id=igw-b5b3e842f885b25a5]
module.vpc.aws_subnet.public[1]: Creating...
module.vpc.aws_subnet.private[1]: Creation complete after 0s [id=subnet-3d75d91636d33bad8]
module.vpc.aws_subnet.public[0]: Creating...
module.eks.aws_security_group.node[0]: Creating...
module.vpc.aws_eip.nat[0]: Creating...
module.vpc.aws_default_security_group.this[0]: Creation complete after 0s [id=sg-c1a90c52222ba98a6]
module.vpc.aws_subnet.public[1]: Creation complete after 0s [id=subnet-73b88fb44a835b18f]
module.eks.module.eks_managed_node_group["default"].aws_iam_role.this[0]: Creating...
module.vpc.aws_default_network_acl.this[0]: Creation complete after 0s [id=acl-de160803cb85dc2c1]
module.vpc.aws_route_table.public[0]: Creation complete after 0s [id=rtb-ab3b09c82ffa44c54]
module.vpc.aws_eip.nat[0]: Creation complete after 0s [id=eipalloc-ab22392abbac65d1b]
module.vpc.aws_route_table.private[0]: Creation complete after 0s [id=rtb-be3fe5069d6ba967d]
module.vpc.aws_subnet.public[0]: Creation complete after 0s [id=subnet-c562098cd0dd3947b]
module.eks.module.eks_managed_node_group["default"].aws_iam_role.this[0]: Creation complete after 0s [id=default-eks-node-group-20260119174654244200000007]
module.vpc.aws_route_table_association.public[0]: Creating...
module.vpc.aws_route_table_association.private[1]: Creating...
module.vpc.aws_route_table_association.private[0]: Creating...
module.vpc.aws_route_table_association.public[1]: Creating...
module.eks.module.eks_managed_node_group["default"].aws_iam_role_policy_attachment.this["AmazonEKS_CNI_Policy"]: Creating...
module.vpc.aws_route.public_internet_gateway[0]: Creating...
module.vpc.aws_nat_gateway.this[0]: Creating...
module.vpc.aws_route_table_association.private[1]: Creation complete after 0s [id=rtbassoc-116cb209bbf1bca23]
module.vpc.aws_route_table_association.private[0]: Creation complete after 0s [id=rtbassoc-03fe965135fb4a23b]
module.eks.module.eks_managed_node_group["default"].aws_iam_role_policy_attachment.this["AmazonEKS_CNI_Policy"]: Creation complete after 0s [id=default-eks-node-group-20260119174654244200000007/arn:aws:iam::aws:policy/AmazonEKS_CNI_Policy]
module.vpc.aws_nat_gateway.this[0]: Creation complete after 0s [id=nat-1e8646f18e179d857]
module.eks.module.eks_managed_node_group["default"].aws_iam_role_policy_attachment.this["AmazonEKSWorkerNodePolicy"]: Creating...
module.eks.module.eks_managed_node_group["default"].aws_iam_role_policy_attachment.this["AmazonEC2ContainerRegistryReadOnly"]: Creating...
module.vpc.aws_route_table_association.public[1]: Creation complete after 0s [id=rtbassoc-63d905ad095510c79]
module.vpc.aws_route_table_association.public[0]: Creation complete after 0s [id=rtbassoc-5c7d20349d42baab2]
module.eks.aws_security_group.cluster[0]: Creation complete after 0s [id=sg-e400c573cac96ec3b]
module.eks.module.eks_managed_node_group["default"].aws_iam_role_policy_attachment.this["AmazonEC2ContainerRegistryReadOnly"]: Creation complete after 1s [id=default-eks-node-group-20260119174654244200000007/arn:aws:iam::aws:policy/AmazonEC2ContainerRegistryReadOnly]
module.eks.module.eks_managed_node_group["default"].aws_iam_role_policy_attachment.this["AmazonEKSWorkerNodePolicy"]: Creation complete after 1s [id=default-eks-node-group-20260119174654244200000007/arn:aws:iam::aws:policy/AmazonEKSWorkerNodePolicy]
module.vpc.aws_route.private_nat_gateway[0]: Creating...
module.vpc.aws_route.public_internet_gateway[0]: Creation complete after 1s [id=r-rtb-ab3b09c82ffa44c541080289494]
module.eks.aws_security_group.node[0]: Creation complete after 1s [id=sg-dd338d94d69a2401d]
module.eks.aws_security_group_rule.node["ingress_cluster_kubelet"]: Creating...
module.eks.aws_security_group_rule.cluster["ingress_nodes_443"]: Creating...
module.eks.aws_security_group_rule.node["ingress_self_coredns_udp"]: Creating...
module.eks.aws_security_group_rule.node["egress_all"]: Creating...
module.eks.aws_security_group_rule.node["ingress_nodes_ephemeral"]: Creating...
module.eks.aws_security_group_rule.node["ingress_self_coredns_tcp"]: Creating...
module.eks.aws_security_group_rule.node["ingress_cluster_4443_webhook"]: Creating...
module.eks.aws_security_group_rule.node["ingress_cluster_9443_webhook"]: Creating...
module.eks.aws_security_group_rule.cluster["ingress_nodes_443"]: Creation complete after 0s [id=sgrule-2782847799]
module.eks.aws_security_group_rule.node["ingress_cluster_kubelet"]: Creation complete after 0s [id=sgrule-3574561791]
module.eks.aws_security_group_rule.node["ingress_self_coredns_udp"]: Creation complete after 0s [id=sgrule-2210624377]
module.eks.aws_security_group_rule.node["egress_all"]: Creation complete after 0s [id=sgrule-1356771512]
module.eks.aws_security_group_rule.node["ingress_nodes_ephemeral"]: Creation complete after 0s [id=sgrule-1953903108]
module.eks.aws_security_group_rule.node["ingress_cluster_6443_webhook"]: Creating...
module.eks.aws_security_group_rule.node["ingress_cluster_443"]: Creating...
module.eks.aws_security_group_rule.node["ingress_cluster_8443_webhook"]: Creating...
module.eks.aws_security_group_rule.node["ingress_self_coredns_tcp"]: Creation complete after 0s [id=sgrule-664588438]
module.eks.aws_security_group_rule.node["ingress_cluster_9443_webhook"]: Creation complete after 0s [id=sgrule-2026157566]
module.eks.aws_security_group_rule.node["ingress_cluster_4443_webhook"]: Creation complete after 0s [id=sgrule-3330006402]
module.eks.aws_security_group_rule.node["ingress_cluster_443"]: Creation complete after 0s [id=sgrule-41872448]
module.vpc.aws_route.private_nat_gateway[0]: Creation complete after 0s [id=r-rtb-be3fe5069d6ba967d1080289494]
module.eks.aws_security_group_rule.node["ingress_cluster_6443_webhook"]: Creation complete after 0s [id=sgrule-255441428]
module.eks.aws_security_group_rule.node["ingress_cluster_8443_webhook"]: Creation complete after 0s [id=sgrule-476415541]
module.eks.aws_eks_cluster.this[0]: Creating...
aws_s3_bucket.cloudtrail_bucket: Still creating... [00m20s elapsed]
module.eks.aws_eks_cluster.this[0]: Still creating... [00m10s elapsed]
aws_s3_bucket.cloudtrail_bucket: Still creating... [00m30s elapsed]
module.eks.aws_eks_cluster.this[0]: Still creating... [00m20s elapsed]
aws_s3_bucket.cloudtrail_bucket: Still creating... [00m40s elapsed]
module.eks.aws_eks_cluster.this[0]: Still creating... [00m30s elapsed]
aws_s3_bucket.cloudtrail_bucket: Still creating... [00m50s elapsed]
module.eks.aws_eks_cluster.this[0]: Still creating... [00m40s elapsed]
aws_s3_bucket.cloudtrail_bucket: Still creating... [01m00s elapsed]
module.eks.aws_eks_cluster.this[0]: Still creating... [00m50s elapsed]
aws_s3_bucket.cloudtrail_bucket: Still creating... [01m10s elapsed]
module.eks.aws_eks_cluster.this[0]: Still creating... [01m00s elapsed]
aws_s3_bucket.cloudtrail_bucket: Still creating... [01m20s elapsed]
module.eks.aws_eks_cluster.this[0]: Still creating... [01m10s elapsed]
aws_s3_bucket.cloudtrail_bucket: Still creating... [01m30s elapsed]
module.eks.aws_eks_cluster.this[0]: Still creating... [01m20s elapsed]
aws_s3_bucket.cloudtrail_bucket: Still creating... [01m40s elapsed]
module.eks.aws_eks_cluster.this[0]: Still creating... [01m30s elapsed]
aws_s3_bucket.cloudtrail_bucket: Still creating... [01m50s elapsed]
module.eks.aws_eks_cluster.this[0]: Still creating... [01m40s elapsed]
aws_s3_bucket.cloudtrail_bucket: Still creating... [02m00s elapsed]
module.eks.aws_eks_cluster.this[0]: Still creating... [01m50s elapsed]
aws_s3_bucket.cloudtrail_bucket: Still creating... [02m10s elapsed]
module.eks.aws_eks_cluster.this[0]: Still creating... [02m00s elapsed]
aws_s3_bucket.cloudtrail_bucket: Still creating... [02m20s elapsed]
module.eks.aws_eks_cluster.this[0]: Still creating... [02m10s elapsed]
aws_s3_bucket.cloudtrail_bucket: Still creating... [02m30s elapsed]
module.eks.aws_eks_cluster.this[0]: Still creating... [02m20s elapsed]
aws_s3_bucket.cloudtrail_bucket: Still creating... [02m40s elapsed]
module.eks.aws_eks_cluster.this[0]: Still creating... [02m30s elapsed]
aws_s3_bucket.cloudtrail_bucket: Still creating... [02m50s elapsed]
module.eks.aws_eks_cluster.this[0]: Still creating... [02m40s elapsed]
aws_s3_bucket.cloudtrail_bucket: Still creating... [03m00s elapsed]
module.eks.aws_eks_cluster.this[0]: Still creating... [02m50s elapsed]
aws_s3_bucket.cloudtrail_bucket: Still creating... [03m10s elapsed]
module.eks.aws_eks_cluster.this[0]: Still creating... [03m00s elapsed]
aws_s3_bucket.cloudtrail_bucket: Still creating... [03m20s elapsed]
aws_s3_bucket.cloudtrail_bucket: Still creating... [03m30s elapsed]
aws_s3_bucket.cloudtrail_bucket: Still creating... [03m40s elapsed]
aws_s3_bucket.cloudtrail_bucket: Still creating... [03m50s elapsed]
aws_s3_bucket.cloudtrail_bucket: Still creating... [04m00s elapsed]
aws_s3_bucket.cloudtrail_bucket: Still creating... [04m10s elapsed]
aws_s3_bucket.cloudtrail_bucket: Still creating... [04m20s elapsed]
aws_s3_bucket.cloudtrail_bucket: Still creating... [04m30s elapsed]
aws_s3_bucket.cloudtrail_bucket: Still creating... [04m40s elapsed]
aws_s3_bucket.cloudtrail_bucket: Still creating... [04m50s elapsed]
aws_s3_bucket.cloudtrail_bucket: Still creating... [05m00s elapsed]
aws_s3_bucket.cloudtrail_bucket: Still creating... [05m10s elapsed]
aws_s3_bucket.cloudtrail_bucket: Still creating... [05m20s elapsed]
aws_s3_bucket.cloudtrail_bucket: Still creating... [05m30s elapsed]
aws_s3_bucket.cloudtrail_bucket: Still creating... [05m40s elapsed]
aws_s3_bucket.cloudtrail_bucket: Still creating... [05m50s elapsed]
aws_s3_bucket.cloudtrail_bucket: Still creating... [06m00s elapsed]
aws_s3_bucket.cloudtrail_bucket: Still creating... [06m10s elapsed]
aws_s3_bucket.cloudtrail_bucket: Still creating... [06m20s elapsed]
aws_s3_bucket.cloudtrail_bucket: Still creating... [06m30s elapsed]
aws_s3_bucket.cloudtrail_bucket: Still creating... [06m40s elapsed]
aws_s3_bucket.cloudtrail_bucket: Still creating... [06m50s elapsed]
aws_s3_bucket.cloudtrail_bucket: Still creating... [07m00s elapsed]
aws_s3_bucket.cloudtrail_bucket: Still creating... [07m10s elapsed]
aws_s3_bucket.cloudtrail_bucket: Still creating... [07m20s elapsed]
aws_s3_bucket.cloudtrail_bucket: Still creating... [07m30s elapsed]
aws_s3_bucket.cloudtrail_bucket: Still creating... [07m40s elapsed]
aws_s3_bucket.cloudtrail_bucket: Still creating... [07m50s elapsed]
aws_s3_bucket.cloudtrail_bucket: Still creating... [08m00s elapsed]
aws_s3_bucket.cloudtrail_bucket: Still creating... [08m10s elapsed]
aws_s3_bucket.cloudtrail_bucket: Still creating... [08m20s elapsed]
aws_s3_bucket.cloudtrail_bucket: Still creating... [08m30s elapsed]
aws_s3_bucket.cloudtrail_bucket: Still creating... [08m40s elapsed]
aws_s3_bucket.cloudtrail_bucket: Still creating... [08m50s elapsed]
aws_s3_bucket.cloudtrail_bucket: Still creating... [09m00s elapsed]
aws_s3_bucket.cloudtrail_bucket: Still creating... [09m10s elapsed]
aws_s3_bucket.cloudtrail_bucket: Still creating... [09m20s elapsed]
aws_s3_bucket.cloudtrail_bucket: Still creating... [09m30s elapsed]
aws_s3_bucket.cloudtrail_bucket: Still creating... [09m40s elapsed]
aws_s3_bucket.cloudtrail_bucket: Still creating... [09m50s elapsed]
aws_s3_bucket.cloudtrail_bucket: Still creating... [10m00s elapsed]
aws_s3_bucket.cloudtrail_bucket: Still creating... [10m10s elapsed]
aws_s3_bucket.cloudtrail_bucket: Still creating... [10m20s elapsed]
aws_s3_bucket.cloudtrail_bucket: Still creating... [10m30s elapsed]
aws_s3_bucket.cloudtrail_bucket: Still creating... [10m40s elapsed]
aws_s3_bucket.cloudtrail_bucket: Still creating... [10m50s elapsed]
aws_s3_bucket.cloudtrail_bucket: Still creating... [11m00s elapsed]
aws_s3_bucket.cloudtrail_bucket: Still creating... [11m10s elapsed]
aws_s3_bucket.cloudtrail_bucket: Still creating... [11m20s elapsed]
aws_s3_bucket.cloudtrail_bucket: Still creating... [11m30s elapsed]
aws_s3_bucket.cloudtrail_bucket: Still creating... [11m40s elapsed]
aws_s3_bucket.cloudtrail_bucket: Still creating... [11m50s elapsed]
aws_s3_bucket.cloudtrail_bucket: Still creating... [12m00s elapsed]
aws_s3_bucket.cloudtrail_bucket: Still creating... [12m10s elapsed]
aws_s3_bucket.cloudtrail_bucket: Still creating... [12m20s elapsed]
aws_s3_bucket.cloudtrail_bucket: Still creating... [12m30s elapsed]
aws_s3_bucket.cloudtrail_bucket: Still creating... [12m40s elapsed]
aws_s3_bucket.cloudtrail_bucket: Still creating... [12m50s elapsed]
aws_s3_bucket.cloudtrail_bucket: Still creating... [13m00s elapsed]
aws_s3_bucket.cloudtrail_bucket: Still creating... [13m10s elapsed]
aws_s3_bucket.cloudtrail_bucket: Still creating... [13m20s elapsed]
aws_s3_bucket.cloudtrail_bucket: Still creating... [13m30s elapsed]
aws_s3_bucket.cloudtrail_bucket: Still creating... [13m40s elapsed]
aws_s3_bucket.cloudtrail_bucket: Still creating... [13m50s elapsed]
aws_s3_bucket.cloudtrail_bucket: Still creating... [14m00s elapsed]
aws_s3_bucket.cloudtrail_bucket: Still creating... [14m10s elapsed]
aws_s3_bucket.cloudtrail_bucket: Still creating... [14m20s elapsed]
aws_s3_bucket.cloudtrail_bucket: Still creating... [14m30s elapsed]
aws_s3_bucket.cloudtrail_bucket: Still creating... [14m40s elapsed]
aws_s3_bucket.cloudtrail_bucket: Still creating... [14m50s elapsed]
aws_s3_bucket.cloudtrail_bucket: Still creating... [15m00s elapsed]
aws_s3_bucket.cloudtrail_bucket: Still creating... [15m10s elapsed]
aws_s3_bucket.cloudtrail_bucket: Still creating... [15m20s elapsed]
aws_s3_bucket.cloudtrail_bucket: Still creating... [15m30s elapsed]
aws_s3_bucket.cloudtrail_bucket: Still creating... [15m40s elapsed]
aws_s3_bucket.cloudtrail_bucket: Still creating... [15m50s elapsed]
aws_s3_bucket.cloudtrail_bucket: Still creating... [16m00s elapsed]
aws_s3_bucket.cloudtrail_bucket: Still creating... [16m10s elapsed]
aws_s3_bucket.cloudtrail_bucket: Still creating... [16m20s elapsed]
aws_s3_bucket.cloudtrail_bucket: Still creating... [16m30s elapsed]
aws_s3_bucket.cloudtrail_bucket: Still creating... [16m40s elapsed]
aws_s3_bucket.cloudtrail_bucket: Still creating... [16m50s elapsed]
aws_s3_bucket.cloudtrail_bucket: Still creating... [17m00s elapsed]
aws_s3_bucket.cloudtrail_bucket: Still creating... [17m10s elapsed]
aws_s3_bucket.cloudtrail_bucket: Still creating... [17m20s elapsed]
aws_s3_bucket.cloudtrail_bucket: Still creating... [17m30s elapsed]
aws_s3_bucket.cloudtrail_bucket: Still creating... [17m40s elapsed]
aws_s3_bucket.cloudtrail_bucket: Still creating... [17m50s elapsed]
aws_s3_bucket.cloudtrail_bucket: Still creating... [18m00s elapsed]
aws_s3_bucket.cloudtrail_bucket: Still creating... [18m10s elapsed]
aws_s3_bucket.cloudtrail_bucket: Still creating... [18m20s elapsed]
aws_s3_bucket.cloudtrail_bucket: Still creating... [18m30s elapsed]
aws_s3_bucket.cloudtrail_bucket: Still creating... [18m40s elapsed]
aws_s3_bucket.cloudtrail_bucket: Still creating... [18m50s elapsed]
aws_s3_bucket.cloudtrail_bucket: Still creating... [19m00s elapsed]
aws_s3_bucket.cloudtrail_bucket: Still creating... [19m10s elapsed]
aws_s3_bucket.cloudtrail_bucket: Still creating... [19m20s elapsed]
aws_s3_bucket.cloudtrail_bucket: Still creating... [19m30s elapsed]
aws_s3_bucket.cloudtrail_bucket: Still creating... [19m40s elapsed]
aws_s3_bucket.cloudtrail_bucket: Still creating... [19m50s elapsed]
aws_s3_bucket.cloudtrail_bucket: Still creating... [20m00s elapsed]
aws_s3_bucket.cloudtrail_bucket: Still creating... [20m10s elapsed]
aws_s3_bucket.cloudtrail_bucket: Still creating... [20m21s elapsed]
aws_s3_bucket.cloudtrail_bucket: Still creating... [20m31s elapsed]
aws_s3_bucket.cloudtrail_bucket: Still creating... [20m41s elapsed]
aws_s3_bucket.cloudtrail_bucket: Still creating... [20m51s elapsed]
aws_s3_bucket.cloudtrail_bucket: Still creating... [21m01s elapsed]
aws_s3_bucket.cloudtrail_bucket: Still creating... [21m11s elapsed]
aws_s3_bucket.cloudtrail_bucket: Still creating... [21m21s elapsed]
aws_s3_bucket.cloudtrail_bucket: Still creating... [21m31s elapsed]
aws_s3_bucket.cloudtrail_bucket: Still creating... [21m41s elapsed]
aws_s3_bucket.cloudtrail_bucket: Still creating... [21m51s elapsed]
aws_s3_bucket.cloudtrail_bucket: Still creating... [22m01s elapsed]
aws_s3_bucket.cloudtrail_bucket: Still creating... [22m11s elapsed]
aws_s3_bucket.cloudtrail_bucket: Still creating... [22m21s elapsed]
aws_s3_bucket.cloudtrail_bucket: Still creating... [22m31s elapsed]
aws_s3_bucket.cloudtrail_bucket: Still creating... [22m41s elapsed]
aws_s3_bucket.cloudtrail_bucket: Still creating... [22m51s elapsed]
aws_s3_bucket.cloudtrail_bucket: Still creating... [23m01s elapsed]
aws_s3_bucket.cloudtrail_bucket: Still creating... [23m11s elapsed]
aws_s3_bucket.cloudtrail_bucket: Still creating... [23m21s elapsed]
aws_s3_bucket.cloudtrail_bucket: Still creating... [23m31s elapsed]
aws_s3_bucket.cloudtrail_bucket: Still creating... [23m41s elapsed]
aws_s3_bucket.cloudtrail_bucket: Still creating... [23m51s elapsed]
aws_s3_bucket.cloudtrail_bucket: Still creating... [24m01s elapsed]
aws_s3_bucket.cloudtrail_bucket: Still creating... [24m11s elapsed]
aws_s3_bucket.cloudtrail_bucket: Still creating... [24m21s elapsed]
aws_s3_bucket.cloudtrail_bucket: Still creating... [24m31s elapsed]
aws_s3_bucket.cloudtrail_bucket: Still creating... [24m41s elapsed]
aws_s3_bucket.cloudtrail_bucket: Still creating... [24m51s elapsed]
aws_s3_bucket.cloudtrail_bucket: Still creating... [25m01s elapsed]
aws_s3_bucket.cloudtrail_bucket: Still creating... [25m11s elapsed]
aws_s3_bucket.cloudtrail_bucket: Still creating... [25m21s elapsed]
aws_s3_bucket.cloudtrail_bucket: Still creating... [25m31s elapsed]
aws_s3_bucket.cloudtrail_bucket: Still creating... [25m41s elapsed]
aws_s3_bucket.cloudtrail_bucket: Still creating... [25m51s elapsed]
aws_s3_bucket.cloudtrail_bucket: Still creating... [26m01s elapsed]
aws_s3_bucket.cloudtrail_bucket: Still creating... [26m11s elapsed]
aws_s3_bucket.cloudtrail_bucket: Still creating... [26m21s elapsed]
aws_s3_bucket.cloudtrail_bucket: Still creating... [26m31s elapsed]
aws_s3_bucket.cloudtrail_bucket: Still creating... [26m41s elapsed]
aws_s3_bucket.cloudtrail_bucket: Still creating... [26m51s elapsed]
aws_s3_bucket.cloudtrail_bucket: Still creating... [27m01s elapsed]
aws_s3_bucket.cloudtrail_bucket: Still creating... [27m11s elapsed]
aws_s3_bucket.cloudtrail_bucket: Still creating... [27m21s elapsed]
aws_s3_bucket.cloudtrail_bucket: Still creating... [27m31s elapsed]
aws_s3_bucket.cloudtrail_bucket: Still creating... [27m41s elapsed]
aws_s3_bucket.cloudtrail_bucket: Still creating... [27m51s elapsed]
aws_s3_bucket.cloudtrail_bucket: Still creating... [28m01s elapsed]
aws_s3_bucket.cloudtrail_bucket: Still creating... [28m11s elapsed]
aws_s3_bucket.cloudtrail_bucket: Still creating... [28m21s elapsed]
aws_s3_bucket.cloudtrail_bucket: Still creating... [28m31s elapsed]
aws_s3_bucket.cloudtrail_bucket: Still creating... [28m41s elapsed]
aws_s3_bucket.cloudtrail_bucket: Still creating... [28m51s elapsed]
aws_s3_bucket.cloudtrail_bucket: Still creating... [29m01s elapsed]
aws_s3_bucket.cloudtrail_bucket: Still creating... [29m11s elapsed]
aws_s3_bucket.cloudtrail_bucket: Still creating... [29m21s elapsed]
aws_s3_bucket.cloudtrail_bucket: Still creating... [29m31s elapsed]
aws_s3_bucket.cloudtrail_bucket: Still creating... [29m41s elapsed]
aws_s3_bucket.cloudtrail_bucket: Still creating... [29m51s elapsed]
aws_s3_bucket.cloudtrail_bucket: Still creating... [30m01s elapsed]
aws_s3_bucket.cloudtrail_bucket: Still creating... [30m11s elapsed]
aws_s3_bucket.cloudtrail_bucket: Still creating... [30m21s elapsed]
aws_s3_bucket.cloudtrail_bucket: Still creating... [30m31s elapsed]
aws_s3_bucket.cloudtrail_bucket: Still creating... [30m41s elapsed]
aws_s3_bucket.cloudtrail_bucket: Still creating... [30m51s elapsed]
aws_s3_bucket.cloudtrail_bucket: Still creating... [31m01s elapsed]
aws_s3_bucket.cloudtrail_bucket: Still creating... [31m11s elapsed]
aws_s3_bucket.cloudtrail_bucket: Still creating... [31m21s elapsed]
aws_s3_bucket.cloudtrail_bucket: Still creating... [31m31s elapsed]
aws_s3_bucket.cloudtrail_bucket: Still creating... [31m41s elapsed]
aws_s3_bucket.cloudtrail_bucket: Still creating... [31m51s elapsed]
aws_s3_bucket.cloudtrail_bucket: Still creating... [32m01s elapsed]
aws_s3_bucket.cloudtrail_bucket: Still creating... [32m11s elapsed]
aws_s3_bucket.cloudtrail_bucket: Still creating... [32m21s elapsed]
aws_s3_bucket.cloudtrail_bucket: Still creating... [32m31s elapsed]
aws_s3_bucket.cloudtrail_bucket: Still creating... [32m41s elapsed]
aws_s3_bucket.cloudtrail_bucket: Still creating... [32m51s elapsed]
aws_s3_bucket.cloudtrail_bucket: Still creating... [33m01s elapsed]
aws_s3_bucket.cloudtrail_bucket: Still creating... [33m11s elapsed]
aws_s3_bucket.cloudtrail_bucket: Still creating... [33m21s elapsed]
aws_s3_bucket.cloudtrail_bucket: Still creating... [33m31s elapsed]
aws_s3_bucket.cloudtrail_bucket: Still creating... [33m41s elapsed]
aws_s3_bucket.cloudtrail_bucket: Still creating... [33m51s elapsed]
aws_s3_bucket.cloudtrail_bucket: Still creating... [34m01s elapsed]
aws_s3_bucket.cloudtrail_bucket: Still creating... [34m11s elapsed]
aws_s3_bucket.cloudtrail_bucket: Still creating... [34m21s elapsed]
aws_s3_bucket.cloudtrail_bucket: Still creating... [34m31s elapsed]
aws_s3_bucket.cloudtrail_bucket: Still creating... [34m41s elapsed]
aws_s3_bucket.cloudtrail_bucket: Still creating... [34m51s elapsed]
aws_s3_bucket.cloudtrail_bucket: Still creating... [35m01s elapsed]
aws_s3_bucket.cloudtrail_bucket: Still creating... [35m11s elapsed]
aws_s3_bucket.cloudtrail_bucket: Still creating... [35m21s elapsed]
aws_s3_bucket.cloudtrail_bucket: Still creating... [35m31s elapsed]
aws_s3_bucket.cloudtrail_bucket: Still creating... [35m41s elapsed]
aws_s3_bucket.cloudtrail_bucket: Still creating... [35m51s elapsed]
aws_s3_bucket.cloudtrail_bucket: Still creating... [36m01s elapsed]
aws_s3_bucket.cloudtrail_bucket: Still creating... [36m11s elapsed]
aws_s3_bucket.cloudtrail_bucket: Still creating... [36m21s elapsed]
aws_s3_bucket.cloudtrail_bucket: Still creating... [36m31s elapsed]
aws_s3_bucket.cloudtrail_bucket: Still creating... [36m41s elapsed]
aws_s3_bucket.cloudtrail_bucket: Still creating... [36m51s elapsed]
aws_s3_bucket.cloudtrail_bucket: Still creating... [37m01s elapsed]
aws_s3_bucket.cloudtrail_bucket: Still creating... [37m11s elapsed]
aws_s3_bucket.cloudtrail_bucket: Still creating... [37m21s elapsed]
aws_s3_bucket.cloudtrail_bucket: Still creating... [37m31s elapsed]
aws_s3_bucket.cloudtrail_bucket: Still creating... [37m41s elapsed]
aws_s3_bucket.cloudtrail_bucket: Still creating... [37m51s elapsed]
aws_s3_bucket.cloudtrail_bucket: Still creating... [38m01s elapsed]
aws_s3_bucket.cloudtrail_bucket: Still creating... [38m11s elapsed]
aws_s3_bucket.cloudtrail_bucket: Still creating... [38m21s elapsed]
aws_s3_bucket.cloudtrail_bucket: Still creating... [38m31s elapsed]
aws_s3_bucket.cloudtrail_bucket: Still creating... [38m41s elapsed]
aws_s3_bucket.cloudtrail_bucket: Still creating... [38m51s elapsed]
aws_s3_bucket.cloudtrail_bucket: Still creating... [39m01s elapsed]
aws_s3_bucket.cloudtrail_bucket: Still creating... [39m11s elapsed]
aws_s3_bucket.cloudtrail_bucket: Still creating... [39m21s elapsed]
aws_s3_bucket.cloudtrail_bucket: Still creating... [39m31s elapsed]
aws_s3_bucket.cloudtrail_bucket: Still creating... [39m41s elapsed]
aws_s3_bucket.cloudtrail_bucket: Still creating... [39m51s elapsed]
aws_s3_bucket.cloudtrail_bucket: Still creating... [40m01s elapsed]
aws_s3_bucket.cloudtrail_bucket: Still creating... [40m11s elapsed]
aws_s3_bucket.cloudtrail_bucket: Still creating... [40m21s elapsed]
aws_s3_bucket.cloudtrail_bucket: Still creating... [40m31s elapsed]
aws_s3_bucket.cloudtrail_bucket: Still creating... [40m41s elapsed]
aws_s3_bucket.cloudtrail_bucket: Still creating... [40m51s elapsed]
aws_s3_bucket.cloudtrail_bucket: Still creating... [41m01s elapsed]
aws_s3_bucket.cloudtrail_bucket: Still creating... [41m11s elapsed]
aws_s3_bucket.cloudtrail_bucket: Still creating... [41m21s elapsed]
aws_s3_bucket.cloudtrail_bucket: Still creating... [41m31s elapsed]
aws_s3_bucket.cloudtrail_bucket: Still creating... [41m41s elapsed]
aws_s3_bucket.cloudtrail_bucket: Still creating... [41m51s elapsed]
aws_s3_bucket.cloudtrail_bucket: Still creating... [42m01s elapsed]
aws_s3_bucket.cloudtrail_bucket: Still creating... [42m11s elapsed]
aws_s3_bucket.cloudtrail_bucket: Still creating... [42m21s elapsed]
aws_s3_bucket.cloudtrail_bucket: Still creating... [42m31s elapsed]
aws_s3_bucket.cloudtrail_bucket: Still creating... [42m41s elapsed]
aws_s3_bucket.cloudtrail_bucket: Still creating... [42m51s elapsed]
aws_s3_bucket.cloudtrail_bucket: Still creating... [43m01s elapsed]
aws_s3_bucket.cloudtrail_bucket: Still creating... [43m11s elapsed]
aws_s3_bucket.cloudtrail_bucket: Still creating... [43m21s elapsed]
aws_s3_bucket.cloudtrail_bucket: Still creating... [43m31s elapsed]
aws_s3_bucket.cloudtrail_bucket: Still creating... [43m41s elapsed]
aws_s3_bucket.cloudtrail_bucket: Still creating... [43m51s elapsed]
aws_s3_bucket.cloudtrail_bucket: Still creating... [44m01s elapsed]
aws_s3_bucket.cloudtrail_bucket: Still creating... [44m11s elapsed]
aws_s3_bucket.cloudtrail_bucket: Still creating... [44m21s elapsed]
aws_s3_bucket.cloudtrail_bucket: Still creating... [44m31s elapsed]
aws_s3_bucket.cloudtrail_bucket: Still creating... [44m41s elapsed]
aws_s3_bucket.cloudtrail_bucket: Still creating... [44m51s elapsed]
aws_s3_bucket.cloudtrail_bucket: Still creating... [45m01s elapsed]
aws_s3_bucket.cloudtrail_bucket: Still creating... [45m11s elapsed]
aws_s3_bucket.cloudtrail_bucket: Still creating... [45m21s elapsed]
aws_s3_bucket.cloudtrail_bucket: Still creating... [45m31s elapsed]
aws_s3_bucket.cloudtrail_bucket: Still creating... [45m41s elapsed]
aws_s3_bucket.cloudtrail_bucket: Still creating... [45m51s elapsed]
aws_s3_bucket.cloudtrail_bucket: Still creating... [46m01s elapsed]
aws_s3_bucket.cloudtrail_bucket: Still creating... [46m11s elapsed]
aws_s3_bucket.cloudtrail_bucket: Still creating... [46m21s elapsed]
aws_s3_bucket.cloudtrail_bucket: Still creating... [46m31s elapsed]
aws_s3_bucket.cloudtrail_bucket: Still creating... [46m41s elapsed]
aws_s3_bucket.cloudtrail_bucket: Still creating... [46m51s elapsed]
aws_s3_bucket.cloudtrail_bucket: Still creating... [47m01s elapsed]
aws_s3_bucket.cloudtrail_bucket: Still creating... [47m11s elapsed]
aws_s3_bucket.cloudtrail_bucket: Still creating... [47m21s elapsed]
aws_s3_bucket.cloudtrail_bucket: Still creating... [47m31s elapsed]
aws_s3_bucket.cloudtrail_bucket: Still creating... [47m41s elapsed]
aws_s3_bucket.cloudtrail_bucket: Still creating... [47m51s elapsed]
aws_s3_bucket.cloudtrail_bucket: Still creating... [48m01s elapsed]
aws_s3_bucket.cloudtrail_bucket: Still creating... [48m11s elapsed]
aws_s3_bucket.cloudtrail_bucket: Still creating... [48m21s elapsed]
aws_s3_bucket.cloudtrail_bucket: Still creating... [48m31s elapsed]
aws_s3_bucket.cloudtrail_bucket: Still creating... [48m41s elapsed]
aws_s3_bucket.cloudtrail_bucket: Still creating... [48m51s elapsed]
aws_s3_bucket.cloudtrail_bucket: Still creating... [49m01s elapsed]
aws_s3_bucket.cloudtrail_bucket: Still creating... [49m11s elapsed]
aws_s3_bucket.cloudtrail_bucket: Still creating... [49m21s elapsed]
aws_s3_bucket.cloudtrail_bucket: Still creating... [49m31s elapsed]
aws_s3_bucket.cloudtrail_bucket: Still creating... [49m41s elapsed]
aws_s3_bucket.cloudtrail_bucket: Still creating... [49m51s elapsed]
aws_s3_bucket.cloudtrail_bucket: Still creating... [50m01s elapsed]
aws_s3_bucket.cloudtrail_bucket: Still creating... [50m11s elapsed]
aws_s3_bucket.cloudtrail_bucket: Still creating... [50m21s elapsed]
aws_s3_bucket.cloudtrail_bucket: Still creating... [50m31s elapsed]
aws_s3_bucket.cloudtrail_bucket: Still creating... [50m41s elapsed]
aws_s3_bucket.cloudtrail_bucket: Still creating... [50m51s elapsed]
aws_s3_bucket.cloudtrail_bucket: Still creating... [51m01s elapsed]
aws_s3_bucket.cloudtrail_bucket: Still creating... [51m11s elapsed]
aws_s3_bucket.cloudtrail_bucket: Still creating... [51m21s elapsed]
aws_s3_bucket.cloudtrail_bucket: Still creating... [51m31s elapsed]
aws_s3_bucket.cloudtrail_bucket: Still creating... [51m41s elapsed]
aws_s3_bucket.cloudtrail_bucket: Still creating... [51m51s elapsed]
aws_s3_bucket.cloudtrail_bucket: Still creating... [52m01s elapsed]
aws_s3_bucket.cloudtrail_bucket: Still creating... [52m11s elapsed]
aws_s3_bucket.cloudtrail_bucket: Still creating... [52m21s elapsed]
aws_s3_bucket.cloudtrail_bucket: Still creating... [52m31s elapsed]
aws_s3_bucket.cloudtrail_bucket: Still creating... [52m41s elapsed]
aws_s3_bucket.cloudtrail_bucket: Still creating... [52m51s elapsed]
aws_s3_bucket.cloudtrail_bucket: Still creating... [53m01s elapsed]
aws_s3_bucket.cloudtrail_bucket: Still creating... [53m11s elapsed]
aws_s3_bucket.cloudtrail_bucket: Still creating... [53m21s elapsed]
aws_s3_bucket.cloudtrail_bucket: Still creating... [53m31s elapsed]
aws_s3_bucket.cloudtrail_bucket: Still creating... [53m41s elapsed]
aws_s3_bucket.cloudtrail_bucket: Still creating... [53m51s elapsed]
aws_s3_bucket.cloudtrail_bucket: Still creating... [54m01s elapsed]
aws_s3_bucket.cloudtrail_bucket: Still creating... [54m11s elapsed]
aws_s3_bucket.cloudtrail_bucket: Still creating... [54m21s elapsed]
aws_s3_bucket.cloudtrail_bucket: Still creating... [54m31s elapsed]
aws_s3_bucket.cloudtrail_bucket: Still creating... [54m41s elapsed]
aws_s3_bucket.cloudtrail_bucket: Still creating... [54m51s elapsed]
aws_s3_bucket.cloudtrail_bucket: Still creating... [55m01s elapsed]
aws_s3_bucket.cloudtrail_bucket: Still creating... [55m11s elapsed]
aws_s3_bucket.cloudtrail_bucket: Still creating... [55m21s elapsed]
aws_s3_bucket.cloudtrail_bucket: Still creating... [55m31s elapsed]
aws_s3_bucket.cloudtrail_bucket: Still creating... [55m41s elapsed]
aws_s3_bucket.cloudtrail_bucket: Still creating... [55m51s elapsed]
aws_s3_bucket.cloudtrail_bucket: Still creating... [56m01s elapsed]
aws_s3_bucket.cloudtrail_bucket: Still creating... [56m11s elapsed]
aws_s3_bucket.cloudtrail_bucket: Still creating... [56m21s elapsed]
aws_s3_bucket.cloudtrail_bucket: Still creating... [56m31s elapsed]
aws_s3_bucket.cloudtrail_bucket: Still creating... [56m41s elapsed]
aws_s3_bucket.cloudtrail_bucket: Still creating... [56m51s elapsed]
aws_s3_bucket.cloudtrail_bucket: Still creating... [57m01s elapsed]
aws_s3_bucket.cloudtrail_bucket: Still creating... [57m11s elapsed]
aws_s3_bucket.cloudtrail_bucket: Still creating... [57m21s elapsed]
aws_s3_bucket.cloudtrail_bucket: Still creating... [57m31s elapsed]
aws_s3_bucket.cloudtrail_bucket: Still creating... [57m41s elapsed]
aws_s3_bucket.cloudtrail_bucket: Still creating... [57m51s elapsed]
aws_s3_bucket.cloudtrail_bucket: Still creating... [58m01s elapsed]
aws_s3_bucket.cloudtrail_bucket: Still creating... [58m11s elapsed]
aws_s3_bucket.cloudtrail_bucket: Still creating... [58m21s elapsed]
aws_s3_bucket.cloudtrail_bucket: Still creating... [58m31s elapsed]
aws_s3_bucket.cloudtrail_bucket: Still creating... [58m41s elapsed]
aws_s3_bucket.cloudtrail_bucket: Still creating... [58m51s elapsed]
aws_s3_bucket.cloudtrail_bucket: Still creating... [59m01s elapsed]
aws_s3_bucket.cloudtrail_bucket: Still creating... [59m11s elapsed]
aws_s3_bucket.cloudtrail_bucket: Still creating... [59m21s elapsed]
aws_s3_bucket.cloudtrail_bucket: Still creating... [59m31s elapsed]
aws_s3_bucket.cloudtrail_bucket: Still creating... [59m41s elapsed]
aws_s3_bucket.cloudtrail_bucket: Still creating... [59m51s elapsed]
aws_s3_bucket.cloudtrail_bucket: Still creating... [60m01s elapsed]
aws_s3_bucket.cloudtrail_bucket: Still creating... [60m11s elapsed]
aws_s3_bucket.cloudtrail_bucket: Still creating... [60m21s elapsed]
aws_s3_bucket.cloudtrail_bucket: Still creating... [60m31s elapsed]
aws_s3_bucket.cloudtrail_bucket: Still creating... [60m41s elapsed]
aws_s3_bucket.cloudtrail_bucket: Still creating... [60m51s elapsed]
aws_s3_bucket.cloudtrail_bucket: Still creating... [61m01s elapsed]
aws_s3_bucket.cloudtrail_bucket: Still creating... [61m11s elapsed]
aws_s3_bucket.cloudtrail_bucket: Still creating... [61m21s elapsed]
aws_s3_bucket.cloudtrail_bucket: Still creating... [61m31s elapsed]

Warning: Argument is deprecated

  with module.eks.aws_iam_role.this[0],
  on /ai-code-generation-from-code-to-iac/workspace/846958109/ai_tf/.terraform/modules/eks/main.tf line 387, in resource "aws_iam_role" "this":
 387: resource "aws_iam_role" "this" {

inline_policy is deprecated. Use the aws_iam_role_policy resource instead. If
Terraform should exclusively manage all inline policy associations (the
current behavior of this argument), use the aws_iam_role_policies_exclusive
resource as well.

(and one more similar warning elsewhere)
