{
  "version": 4,
  "terraform_version": "1.13.5",
  "serial": 4,
  "lineage": "220c3a15-f1fc-2139-62e0-b59e2f034004",
  "outputs": {
    "basic_iam_role_arn": {
      "value": "arn:aws:iam::000000000000:role/ai-basis-basic-role-7b162f31",
      "type": "string"
    }
  },
  "resources": [
    {
      "mode": "managed",
      "type": "aws_iam_role",
      "name": "basic",
      "provider": "provider[\"registry.terraform.io/hashicorp/aws\"]",
      "instances": [
        {
          "schema_version": 0,
          "attributes": {
            "arn": "arn:aws:iam::000000000000:role/ai-basis-basic-role-7b162f31",
            "assume_role_policy": "{\"Statement\":[{\"Action\":\"sts:AssumeRole\",\"Effect\":\"Allow\",\"Principal\":{\"Service\":\"ec2.amazonaws.com\"}}],\"Version\":\"2012-10-17\"}",
            "create_date": "2026-01-23T14:29:25Z",
            "description": "",
            "force_detach_policies": false,
            "id": "ai-basis-basic-role-7b162f31",
            "inline_policy": [],
            "managed_policy_arns": [],
            "max_session_duration": 3600,
            "name": "ai-basis-basic-role-7b162f31",
            "name_prefix": "",
            "path": "/",
            "permissions_boundary": "",
            "tags": {
              "Environment": "dev",
              "Name": "ai-basis-basic-role"
            },
            "tags_all": {
              "Environment": "dev",
              "Name": "ai-basis-basic-role"
            },
            "unique_id": "AROAQAAAAAAAD4IZQAQTP"
          },
          "sensitive_attributes": [],
          "identity_schema_version": 0,
          "identity": {
            "account_id": "000000000000",
            "name": "ai-basis-basic-role-7b162f31"
          },
          "private": "bnVsbA==",
          "dependencies": [
            "random_id.suffix"
          ]
        }
      ]
    },
    {
      "mode": "managed",
      "type": "random_id",
      "name": "suffix",
      "provider": "provider[\"registry.terraform.io/hashicorp/random\"]",
      "instances": [
        {
          "schema_version": 0,
          "attributes": {
            "b64_std": "exYvMQ==",
            "b64_url": "exYvMQ",
            "byte_length": 4,
            "dec": "2065051441",
            "hex": "7b162f31",
            "id": "exYvMQ",
            "keepers": null,
            "prefix": null
          },
          "sensitive_attributes": [],
          "identity_schema_version": 0
        }
      ]
    }
  ],
  "check_results": null
}
