data.archive_file.lambda_dummy: Reading...
data.archive_file.lambda_dummy: Read complete after 0s [id=58e93fade67637870be5af38eff8d5aa66c7da49]
data.aws_iam_policy_document.apigateway_assume: Reading...
data.aws_iam_policy_document.lambda_assume: Reading...
data.aws_iam_policy_document.lambda_assume: Read complete after 0s [id=2690255455]
data.aws_iam_policy_document.apigateway_assume: Read complete after 0s [id=2699642182]

Terraform used the selected providers to generate the following execution
plan. Resource actions are indicated with the following symbols:
  + create
 <= read (data resources)

Terraform will perform the following actions:

  # data.aws_iam_policy_document.apigateway_bucket_access will be read during apply
  # (config refers to values not yet known)
 <= data "aws_iam_policy_document" "apigateway_bucket_access" {
      + id            = (known after apply)
      + json          = (known after apply)
      + minified_json = (known after apply)

      + statement {
          + actions   = [
              + "s3:GetObject",
            ]
          + resources = [
              + (known after apply),
            ]
        }
    }

  # data.aws_iam_policy_document.dynamo_access will be read during apply
  # (config refers to values not yet known)
 <= data "aws_iam_policy_document" "dynamo_access" {
      + id            = (known after apply)
      + json          = (known after apply)
      + minified_json = (known after apply)

      + statement {
          + actions   = [
              + "dynamodb:DeleteItem",
              + "dynamodb:GetItem",
              + "dynamodb:PutItem",
              + "dynamodb:UpdateItem",
            ]
          + resources = [
              + (known after apply),
            ]
        }
    }

  # aws_api_gateway_deployment.main will be created
  + resource "aws_api_gateway_deployment" "main" {
      + created_date = (known after apply)
      + id           = (known after apply)
      + region       = "us-east-1"
      + rest_api_id  = (known after apply)
    }

  # aws_api_gateway_integration.redirect will be created
  + resource "aws_api_gateway_integration" "redirect" {
      + cache_namespace         = (known after apply)
      + connection_type         = "INTERNET"
      + http_method             = "GET"
      + id                      = (known after apply)
      + integration_http_method = "POST"
      + passthrough_behavior    = (known after apply)
      + region                  = "us-east-1"
      + resource_id             = (known after apply)
      + response_transfer_mode  = (known after apply)
      + rest_api_id             = (known after apply)
      + timeout_milliseconds    = 29000
      + type                    = "AWS_PROXY"
      + uri                     = (known after apply)
    }

  # aws_api_gateway_integration.root will be created
  + resource "aws_api_gateway_integration" "root" {
      + cache_namespace         = (known after apply)
      + connection_type         = "INTERNET"
      + credentials             = (known after apply)
      + http_method             = "GET"
      + id                      = (known after apply)
      + integration_http_method = "GET"
      + passthrough_behavior    = (known after apply)
      + region                  = "us-east-1"
      + resource_id             = (known after apply)
      + response_transfer_mode  = (known after apply)
      + rest_api_id             = (known after apply)
      + timeout_milliseconds    = 29000
      + type                    = "AWS"
      + uri                     = "arn:aws:apigateway:us-east-1:s3:path/terraform/index.html"
    }

  # aws_api_gateway_integration.store will be created
  + resource "aws_api_gateway_integration" "store" {
      + cache_namespace         = (known after apply)
      + connection_type         = "INTERNET"
      + http_method             = "POST"
      + id                      = (known after apply)
      + integration_http_method = "POST"
      + passthrough_behavior    = (known after apply)
      + region                  = "us-east-1"
      + resource_id             = (known after apply)
      + response_transfer_mode  = (known after apply)
      + rest_api_id             = (known after apply)
      + timeout_milliseconds    = 29000
      + type                    = "AWS_PROXY"
      + uri                     = (known after apply)
    }

  # aws_api_gateway_integration_response.root_response will be created
  + resource "aws_api_gateway_integration_response" "root_response" {
      + http_method = "GET"
      + id          = (known after apply)
      + region      = "us-east-1"
      + resource_id = (known after apply)
      + rest_api_id = (known after apply)
      + status_code = "200"
    }

  # aws_api_gateway_method.redirect will be created
  + resource "aws_api_gateway_method" "redirect" {
      + api_key_required = false
      + authorization    = "NONE"
      + http_method      = "GET"
      + id               = (known after apply)
      + region           = "us-east-1"
      + resource_id      = (known after apply)
      + rest_api_id      = (known after apply)
    }

  # aws_api_gateway_method.root will be created
  + resource "aws_api_gateway_method" "root" {
      + api_key_required = false
      + authorization    = "NONE"
      + http_method      = "GET"
      + id               = (known after apply)
      + region           = "us-east-1"
      + resource_id      = (known after apply)
      + rest_api_id      = (known after apply)
    }

  # aws_api_gateway_method.store will be created
  + resource "aws_api_gateway_method" "store" {
      + api_key_required = false
      + authorization    = "NONE"
      + http_method      = "POST"
      + id               = (known after apply)
      + region           = "us-east-1"
      + resource_id      = (known after apply)
      + rest_api_id      = (known after apply)
    }

  # aws_api_gateway_method_response.root_response_200 will be created
  + resource "aws_api_gateway_method_response" "root_response_200" {
      + http_method     = "GET"
      + id              = (known after apply)
      + region          = "us-east-1"
      + resource_id     = (known after apply)
      + response_models = {
          + "text/html" = "Empty"
        }
      + rest_api_id     = (known after apply)
      + status_code     = "200"
    }

  # aws_api_gateway_resource.redirect will be created
  + resource "aws_api_gateway_resource" "redirect" {
      + id          = (known after apply)
      + parent_id   = (known after apply)
      + path        = (known after apply)
      + path_part   = "{short_url_id}"
      + region      = "us-east-1"
      + rest_api_id = (known after apply)
    }

  # aws_api_gateway_resource.store will be created
  + resource "aws_api_gateway_resource" "store" {
      + id          = (known after apply)
      + parent_id   = (known after apply)
      + path        = (known after apply)
      + path_part   = "store"
      + region      = "us-east-1"
      + rest_api_id = (known after apply)
    }

  # aws_api_gateway_rest_api.url_shortener will be created
  + resource "aws_api_gateway_rest_api" "url_shortener" {
      + api_key_source               = (known after apply)
      + arn                          = (known after apply)
      + binary_media_types           = (known after apply)
      + created_date                 = (known after apply)
      + description                  = (known after apply)
      + disable_execute_api_endpoint = (known after apply)
      + execution_arn                = (known after apply)
      + id                           = (known after apply)
      + minimum_compression_size     = (known after apply)
      + name                         = "url_shortener"
      + policy                       = (known after apply)
      + region                       = "us-east-1"
      + root_resource_id             = (known after apply)
      + tags_all                     = (known after apply)

      + endpoint_configuration {
          + ip_address_type  = (known after apply)
          + types            = [
              + "REGIONAL",
            ]
          + vpc_endpoint_ids = (known after apply)
        }
    }

  # aws_api_gateway_stage.main will be created
  + resource "aws_api_gateway_stage" "main" {
      + arn           = (known after apply)
      + deployment_id = (known after apply)
      + execution_arn = (known after apply)
      + id            = (known after apply)
      + invoke_url    = (known after apply)
      + region        = "us-east-1"
      + rest_api_id   = (known after apply)
      + stage_name    = "main"
      + tags_all      = (known after apply)
      + web_acl_arn   = (known after apply)
    }

  # aws_apigatewayv2_api_mapping.url_shortener will be created
  + resource "aws_apigatewayv2_api_mapping" "url_shortener" {
      + api_id      = (known after apply)
      + domain_name = (known after apply)
      + id          = (known after apply)
      + region      = "us-east-1"
      + stage       = "main"
    }

  # aws_apigatewayv2_domain_name.url_shortener will be created
  + resource "aws_apigatewayv2_domain_name" "url_shortener" {
      + api_mapping_selection_expression = (known after apply)
      + arn                              = (known after apply)
      + domain_name                      = "terraform"
      + id                               = (known after apply)
      + region                           = "us-east-1"
      + tags_all                         = (known after apply)

      + domain_name_configuration {
          + certificate_arn                        = "arn:aws:iam:us-east-1:000000000000:terraform"
          + endpoint_type                          = "REGIONAL"
          + hosted_zone_id                         = (known after apply)
          + ip_address_type                        = (known after apply)
          + ownership_verification_certificate_arn = (known after apply)
          + security_policy                        = "TLS_1_2"
          + target_domain_name                     = (known after apply)
        }
    }

  # aws_dynamodb_table.url_shortener will be created
  + resource "aws_dynamodb_table" "url_shortener" {
      + arn              = (known after apply)
      + billing_mode     = "PAY_PER_REQUEST"
      + hash_key         = "short_url_id"
      + id               = (known after apply)
      + name             = "URLDB"
      + read_capacity    = (known after apply)
      + region           = "us-east-1"
      + stream_arn       = (known after apply)
      + stream_label     = (known after apply)
      + stream_view_type = (known after apply)
      + tags             = {
          + "Name" = "URLDB"
        }
      + tags_all         = {
          + "Name" = "URLDB"
        }
      + write_capacity   = (known after apply)

      + attribute {
          + name = "short_url_id"
          + type = "S"
        }

      + global_table_witness (known after apply)

      + point_in_time_recovery (known after apply)

      + server_side_encryption (known after apply)

      + ttl {
          + attribute_name = "ttl"
          + enabled        = true
        }

      + warm_throughput (known after apply)
    }

  # aws_iam_role.apigateway will be created
  + resource "aws_iam_role" "apigateway" {
      + arn                   = (known after apply)
      + assume_role_policy    = jsonencode(
            {
              + Statement = [
                  + {
                      + Action    = "sts:AssumeRole"
                      + Effect    = "Allow"
                      + Principal = {
                          + Service = "apigateway.amazonaws.com"
                        }
                    },
                ]
              + Version   = "2012-10-17"
            }
        )
      + create_date           = (known after apply)
      + force_detach_policies = false
      + id                    = (known after apply)
      + managed_policy_arns   = (known after apply)
      + max_session_duration  = 3600
      + name                  = "url_shortener_apigateway_role"
      + name_prefix           = (known after apply)
      + path                  = "/"
      + tags_all              = (known after apply)
      + unique_id             = (known after apply)

      + inline_policy (known after apply)
    }

  # aws_iam_role.url_shortener will be created
  + resource "aws_iam_role" "url_shortener" {
      + arn                   = (known after apply)
      + assume_role_policy    = jsonencode(
            {
              + Statement = [
                  + {
                      + Action    = "sts:AssumeRole"
                      + Effect    = "Allow"
                      + Principal = {
                          + Service = "lambda.amazonaws.com"
                        }
                    },
                ]
              + Version   = "2012-10-17"
            }
        )
      + create_date           = (known after apply)
      + force_detach_policies = false
      + id                    = (known after apply)
      + managed_policy_arns   = (known after apply)
      + max_session_duration  = 3600
      + name                  = "url_shortener_lambda_role"
      + name_prefix           = (known after apply)
      + path                  = "/"
      + tags_all              = (known after apply)
      + unique_id             = (known after apply)

      + inline_policy (known after apply)
    }

  # aws_iam_role_policy.apigateway_s3_bucket will be created
  + resource "aws_iam_role_policy" "apigateway_s3_bucket" {
      + id          = (known after apply)
      + name        = "s3_bucket"
      + name_prefix = (known after apply)
      + policy      = (known after apply)
      + role        = (known after apply)
    }

  # aws_iam_role_policy.dynamo_table will be created
  + resource "aws_iam_role_policy" "dynamo_table" {
      + id          = (known after apply)
      + name        = "dynamo_table"
      + name_prefix = (known after apply)
      + policy      = (known after apply)
      + role        = (known after apply)
    }

  # aws_iam_role_policy_attachment.basic_exec will be created
  + resource "aws_iam_role_policy_attachment" "basic_exec" {
      + id         = (known after apply)
      + policy_arn = "arn:aws:iam::aws:policy/service-role/AWSLambdaBasicExecutionRole"
      + role       = "url_shortener_lambda_role"
    }

  # aws_lambda_function.url_shortener will be created
  + resource "aws_lambda_function" "url_shortener" {
      + architectures                  = (known after apply)
      + arn                            = (known after apply)
      + code_sha256                    = (known after apply)
      + filename                       = "./.dummy/lambda.zip"
      + function_name                  = "url_shortener"
      + handler                        = "lambda.handler"
      + id                             = (known after apply)
      + invoke_arn                     = (known after apply)
      + last_modified                  = (known after apply)
      + layers                         = [
          + "arn:aws:lambda:us-east-1:017000801446:layer:AWSLambdaPowertoolsPythonV2:77",
        ]
      + memory_size                    = 2048
      + package_type                   = "Zip"
      + publish                        = false
      + qualified_arn                  = (known after apply)
      + qualified_invoke_arn           = (known after apply)
      + region                         = "us-east-1"
      + reserved_concurrent_executions = -1
      + role                           = (known after apply)
      + runtime                        = "python3.12"
      + signing_job_arn                = (known after apply)
      + signing_profile_version_arn    = (known after apply)
      + skip_destroy                   = false
      + source_code_hash               = (known after apply)
      + source_code_size               = (known after apply)
      + tags_all                       = (known after apply)
      + timeout                        = 5
      + version                        = (known after apply)

      + ephemeral_storage (known after apply)

      + logging_config (known after apply)

      + tracing_config (known after apply)
    }

  # aws_lambda_permission.allow_apig will be created
  + resource "aws_lambda_permission" "allow_apig" {
      + action              = "lambda:InvokeFunction"
      + function_name       = "url_shortener"
      + id                  = (known after apply)
      + principal           = "apigateway.amazonaws.com"
      + region              = "us-east-1"
      + source_arn          = (known after apply)
      + statement_id        = "AllowExecutionFromAPIG"
      + statement_id_prefix = (known after apply)
    }

  # aws_route53_record.secret will be created
  + resource "aws_route53_record" "secret" {
      + allow_overwrite = (known after apply)
      + fqdn            = (known after apply)
      + id              = (known after apply)
      + name            = "terraform"
      + type            = "A"
      + zone_id         = "terraform"

      + alias {
          + evaluate_target_health = false
          + name                   = (known after apply)
          + zone_id                = (known after apply)
        }
    }

  # aws_s3_bucket.url_shortener_site will be created
  + resource "aws_s3_bucket" "url_shortener_site" {
      + acceleration_status         = (known after apply)
      + acl                         = "private"
      + arn                         = (known after apply)
      + bucket                      = "terraform"
      + bucket_domain_name          = (known after apply)
      + bucket_prefix               = (known after apply)
      + bucket_region               = (known after apply)
      + bucket_regional_domain_name = (known after apply)
      + force_destroy               = false
      + hosted_zone_id              = (known after apply)
      + id                          = (known after apply)
      + object_lock_enabled         = (known after apply)
      + policy                      = (known after apply)
      + region                      = "us-east-1"
      + request_payer               = (known after apply)
      + tags_all                    = (known after apply)
      + website_domain              = (known after apply)
      + website_endpoint            = (known after apply)

      + cors_rule (known after apply)

      + grant (known after apply)

      + lifecycle_rule (known after apply)

      + logging (known after apply)

      + object_lock_configuration (known after apply)

      + replication_configuration (known after apply)

      + server_side_encryption_configuration (known after apply)

      + versioning (known after apply)

      + website (known after apply)
    }

  # aws_s3_bucket_public_access_block.site_block_all will be created
  + resource "aws_s3_bucket_public_access_block" "site_block_all" {
      + block_public_acls       = true
      + block_public_policy     = true
      + bucket                  = (known after apply)
      + id                      = (known after apply)
      + ignore_public_acls      = true
      + region                  = "us-east-1"
      + restrict_public_buckets = true
    }

Plan: 26 to add, 0 to change, 0 to destroy.
aws_iam_role.url_shortener: Creating...
aws_api_gateway_rest_api.url_shortener: Creating...
aws_apigatewayv2_domain_name.url_shortener: Creating...
aws_iam_role.apigateway: Creating...
aws_dynamodb_table.url_shortener: Creating...
aws_s3_bucket.url_shortener_site: Creating...
aws_iam_role.apigateway: Creation complete after 2s [id=url_shortener_apigateway_role]
aws_iam_role.url_shortener: Creation complete after 2s [id=url_shortener_lambda_role]
aws_iam_role_policy_attachment.basic_exec: Creating...
aws_lambda_function.url_shortener: Creating...
aws_iam_role_policy_attachment.basic_exec: Creation complete after 0s [id=url_shortener_lambda_role/arn:aws:iam::aws:policy/service-role/AWSLambdaBasicExecutionRole]
aws_api_gateway_rest_api.url_shortener: Creation complete after 3s [id=2cu08hiqdy]
aws_api_gateway_resource.store: Creating...
aws_api_gateway_resource.redirect: Creating...
aws_api_gateway_method.root: Creating...
aws_api_gateway_resource.store: Creation complete after 0s [id=e1qnguyalj]
aws_api_gateway_method.root: Creation complete after 0s [id=agm-2cu08hiqdy-ncevkbd470-GET]
aws_api_gateway_resource.redirect: Creation complete after 0s [id=aygzoixhlj]
aws_api_gateway_method.redirect: Creating...
aws_api_gateway_method_response.root_response_200: Creating...
aws_api_gateway_method.store: Creating...
aws_api_gateway_integration.root: Creating...
aws_api_gateway_method.redirect: Creation complete after 0s [id=agm-2cu08hiqdy-aygzoixhlj-GET]
aws_api_gateway_method_response.root_response_200: Creation complete after 0s [id=agmr-2cu08hiqdy-ncevkbd470-GET-200]
aws_api_gateway_method.store: Creation complete after 0s [id=agm-2cu08hiqdy-e1qnguyalj-POST]
aws_api_gateway_deployment.main: Creating...
aws_api_gateway_integration_response.root_response: Creating...
aws_api_gateway_integration.root: Creation complete after 0s [id=agi-2cu08hiqdy-ncevkbd470-GET]
aws_apigatewayv2_domain_name.url_shortener: Creation complete after 4s [id=terraform]
aws_route53_record.secret: Creating...
aws_dynamodb_table.url_shortener: Creation complete after 8s [id=URLDB]
data.aws_iam_policy_document.dynamo_access: Reading...
data.aws_iam_policy_document.dynamo_access: Read complete after 0s [id=422961452]
aws_iam_role_policy.dynamo_table: Creating...
aws_iam_role_policy.dynamo_table: Creation complete after 0s [id=url_shortener_lambda_role:dynamo_table]
aws_lambda_function.url_shortener: Creation complete after 9s [id=url_shortener]
aws_lambda_permission.allow_apig: Creating...
aws_api_gateway_integration.redirect: Creating...
aws_api_gateway_integration.store: Creating...
aws_lambda_permission.allow_apig: Creation complete after 0s [id=AllowExecutionFromAPIG]
aws_api_gateway_integration.store: Creation complete after 0s [id=agi-2cu08hiqdy-e1qnguyalj-POST]
aws_api_gateway_integration.redirect: Creation complete after 0s [id=agi-2cu08hiqdy-aygzoixhlj-GET]

Warning: Argument is deprecated

  with aws_s3_bucket.url_shortener_site,
  on s3.tf line 3, in resource "aws_s3_bucket" "url_shortener_site":
   3:   acl    = "private"

acl is deprecated. Use the aws_s3_bucket_acl resource instead.

(and 2 more similar warnings elsewhere)
