{
  "version": 4,
  "terraform_version": "1.13.5",
  "serial": 1,
  "lineage": "dc7e5daf-e761-86a1-5a6f-79f2a0ab7d2b",
  "outputs": {},
  "resources": [
    {
      "mode": "managed",
      "type": "random_id",
      "name": "suffix",
      "provider": "provider[\"registry.terraform.io/hashicorp/random\"]",
      "instances": [
        {
          "schema_version": 0,
          "attributes": {
            "b64_std": "uPVRPw==",
            "b64_url": "uPVRPw",
            "byte_length": 4,
            "dec": "3103084863",
            "hex": "b8f5513f",
            "id": "uPVRPw",
            "keepers": null,
            "prefix": null
          },
          "sensitive_attributes": [],
          "identity_schema_version": 0
        }
      ]
    }
  ],
  "check_results": null
}
