{"format_version":"1.2","terraform_version":"1.13.5","variables":{"alarm_sns_topic_arn":{"value":null},"aws_region":{"value":"us-east-1"},"create_datalake_bucket":{"value":false},"datalake_bucket_name":{"value":"ai-tf"},"datalake_prefix":{"value":"databases/bronze/http"},"enable_eventbridge_dlq":{"value":true},"environment":{"value":"dev"},"lambda_memory_size":{"value":1024},"lambda_name":{"value":"lambda-delta-optimize"},"lambda_reserved_concurrency":{"value":1},"lambda_timeout_seconds":{"value":900},"lambda_zip_path":{"value":"../target/lambda/lambda-delta-optimize/bootstrap.zip"},"log_retention_days":{"value":30},"optimize_ds":{"value":"yesterday"},"project_name":{"value":"lambda-delta-optimize"},"s3_force_destroy":{"value":false},"schedule_expression":{"value":"rate(1 day)"}},"planned_values":{"outputs":{"datalake_location":{"sensitive":false,"type":"string","value":"s3://ai-tf/databases/bronze/http"},"dynamodb_lock_table_name":{"sensitive":false,"type":"string","value":"lambda-delta-optimize-dev-delta-lock"},"eventbridge_dlq_url":{"sensitive":false},"eventbridge_rule_name":{"sensitive":false,"type":"string","value":"lambda-delta-optimize-dev-schedule"},"lambda_function_name":{"sensitive":false,"type":"string","value":"lambda-delta-optimize"}},"root_module":{"resources":[{"address":"aws_cloudwatch_event_rule.schedule","mode":"managed","type":"aws_cloudwatch_event_rule","name":"schedule","provider_name":"registry.terraform.io/hashicorp/aws","schema_version":1,"values":{"description":"Scheduled trigger for lambda-delta-optimize","event_bus_name":"default","event_pattern":null,"force_destroy":false,"is_enabled":null,"name":"lambda-delta-optimize-dev-schedule","region":"us-east-1","role_arn":null,"schedule_expression":"rate(1 day)","state":null,"tags":null,"tags_all":{"Environment":"dev","ManagedBy":"terraform","Project":"lambda-delta-optimize"}},"sensitive_values":{"tags_all":{}},"identity_schema_version":0,"identity":{"account_id":null,"name":null,"region":null}},{"address":"aws_cloudwatch_event_target.lambda","mode":"managed","type":"aws_cloudwatch_event_target","name":"lambda","provider_name":"registry.terraform.io/hashicorp/aws","schema_version":1,"values":{"appsync_target":[],"batch_target":[],"dead_letter_config":[{}],"ecs_target":[],"event_bus_name":"default","force_destroy":false,"http_target":[],"input":null,"input_path":null,"input_transformer":[],"kinesis_target":[],"redshift_target":[],"region":"us-east-1","retry_policy":[{"maximum_event_age_in_seconds":3600,"maximum_retry_attempts":2}],"role_arn":null,"rule":"lambda-delta-optimize-dev-schedule","run_command_targets":[],"sagemaker_pipeline_target":[],"sqs_target":[],"target_id":"lambda"},"sensitive_values":{"appsync_target":[],"batch_target":[],"dead_letter_config":[{}],"ecs_target":[],"http_target":[],"input_transformer":[],"kinesis_target":[],"redshift_target":[],"retry_policy":[{}],"run_command_targets":[],"sagemaker_pipeline_target":[],"sqs_target":[]},"identity_schema_version":0,"identity":{"account_id":null,"event_bus_name":null,"region":null,"rule":null,"target_id":null}},{"address":"aws_cloudwatch_log_group.lambda","mode":"managed","type":"aws_cloudwatch_log_group","name":"lambda","provider_name":"registry.terraform.io/hashicorp/aws","schema_version":0,"values":{"kms_key_id":null,"name":"/aws/lambda/lambda-delta-optimize","region":"us-east-1","retention_in_days":30,"skip_destroy":false,"tags":null,"tags_all":{"Environment":"dev","ManagedBy":"terraform","Project":"lambda-delta-optimize"}},"sensitive_values":{"tags_all":{}},"identity_schema_version":0,"identity":{"account_id":null,"name":null,"region":null}},{"address":"aws_cloudwatch_metric_alarm.eventbridge_failed_invocations","mode":"managed","type":"aws_cloudwatch_metric_alarm","name":"eventbridge_failed_invocations","provider_name":"registry.terraform.io/hashicorp/aws","schema_version":1,"values":{"actions_enabled":true,"alarm_actions":null,"alarm_description":"EventBridge failed invocations \u003e 0","alarm_name":"lambda-delta-optimize-dev-eventbridge-failed-invocations","comparison_operator":"GreaterThanThreshold","datapoints_to_alarm":null,"dimensions":{"RuleName":"lambda-delta-optimize-dev-schedule"},"evaluation_periods":1,"extended_statistic":null,"insufficient_data_actions":null,"metric_name":"FailedInvocations","metric_query":[],"namespace":"AWS/Events","ok_actions":null,"period":300,"region":"us-east-1","statistic":"Sum","tags":null,"tags_all":{"Environment":"dev","ManagedBy":"terraform","Project":"lambda-delta-optimize"},"threshold":0,"threshold_metric_id":null,"treat_missing_data":"missing","unit":null},"sensitive_values":{"dimensions":{},"metric_query":[],"tags_all":{}},"identity_schema_version":0,"identity":{"account_id":null,"alarm_name":null,"region":null}},{"address":"aws_cloudwatch_metric_alarm.lambda_errors","mode":"managed","type":"aws_cloudwatch_metric_alarm","name":"lambda_errors","provider_name":"registry.terraform.io/hashicorp/aws","schema_version":1,"values":{"actions_enabled":true,"alarm_actions":null,"alarm_description":"Lambda errors \u003e 0","alarm_name":"lambda-delta-optimize-dev-lambda-errors","comparison_operator":"GreaterThanThreshold","datapoints_to_alarm":null,"dimensions":{"FunctionName":"lambda-delta-optimize"},"evaluation_periods":1,"extended_statistic":null,"insufficient_data_actions":null,"metric_name":"Errors","metric_query":[],"namespace":"AWS/Lambda","ok_actions":null,"period":300,"region":"us-east-1","statistic":"Sum","tags":null,"tags_all":{"Environment":"dev","ManagedBy":"terraform","Project":"lambda-delta-optimize"},"threshold":0,"threshold_metric_id":null,"treat_missing_data":"missing","unit":null},"sensitive_values":{"dimensions":{},"metric_query":[],"tags_all":{}},"identity_schema_version":0,"identity":{"account_id":null,"alarm_name":null,"region":null}},{"address":"aws_cloudwatch_metric_alarm.lambda_throttles","mode":"managed","type":"aws_cloudwatch_metric_alarm","name":"lambda_throttles","provider_name":"registry.terraform.io/hashicorp/aws","schema_version":1,"values":{"actions_enabled":true,"alarm_actions":null,"alarm_description":"Lambda throttles \u003e 0","alarm_name":"lambda-delta-optimize-dev-lambda-throttles","comparison_operator":"GreaterThanThreshold","datapoints_to_alarm":null,"dimensions":{"FunctionName":"lambda-delta-optimize"},"evaluation_periods":1,"extended_statistic":null,"insufficient_data_actions":null,"metric_name":"Throttles","metric_query":[],"namespace":"AWS/Lambda","ok_actions":null,"period":300,"region":"us-east-1","statistic":"Sum","tags":null,"tags_all":{"Environment":"dev","ManagedBy":"terraform","Project":"lambda-delta-optimize"},"threshold":0,"threshold_metric_id":null,"treat_missing_data":"missing","unit":null},"sensitive_values":{"dimensions":{},"metric_query":[],"tags_all":{}},"identity_schema_version":0,"identity":{"account_id":null,"alarm_name":null,"region":null}},{"address":"aws_dynamodb_table.delta_lock","mode":"managed","type":"aws_dynamodb_table","name":"delta_lock","provider_name":"registry.terraform.io/hashicorp/aws","schema_version":1,"values":{"attribute":[{"name":"key","type":"S"}],"billing_mode":"PAY_PER_REQUEST","deletion_protection_enabled":null,"hash_key":"key","import_table":[],"local_secondary_index":[],"name":"lambda-delta-optimize-dev-delta-lock","on_demand_throughput":[],"point_in_time_recovery":[{"enabled":true}],"range_key":null,"region":"us-east-1","replica":[],"restore_date_time":null,"restore_source_name":null,"restore_source_table_arn":null,"restore_to_latest_time":null,"stream_enabled":null,"table_class":null,"tags":null,"tags_all":{"Environment":"dev","ManagedBy":"terraform","Project":"lambda-delta-optimize"},"timeouts":null},"sensitive_values":{"attribute":[{}],"global_secondary_index":[],"global_table_witness":[],"import_table":[],"local_secondary_index":[],"on_demand_throughput":[],"point_in_time_recovery":[{}],"replica":[],"server_side_encryption":[],"tags_all":{},"ttl":[],"warm_throughput":[]}},{"address":"aws_iam_role.lambda","mode":"managed","type":"aws_iam_role","name":"lambda","provider_name":"registry.terraform.io/hashicorp/aws","schema_version":0,"values":{"assume_role_policy":"{\"Statement\":[{\"Action\":\"sts:AssumeRole\",\"Effect\":\"Allow\",\"Principal\":{\"Service\":\"lambda.amazonaws.com\"}}],\"Version\":\"2012-10-17\"}","description":null,"force_detach_policies":false,"max_session_duration":3600,"name":"lambda-delta-optimize-dev-lambda-role","path":"/","permissions_boundary":null,"tags":null,"tags_all":{"Environment":"dev","ManagedBy":"terraform","Project":"lambda-delta-optimize"}},"sensitive_values":{"inline_policy":[],"managed_policy_arns":[],"tags_all":{}},"identity_schema_version":0,"identity":{"account_id":null,"name":null}},{"address":"aws_iam_role_policy.lambda_inline","mode":"managed","type":"aws_iam_role_policy","name":"lambda_inline","provider_name":"registry.terraform.io/hashicorp/aws","schema_version":0,"values":{"name":"lambda-delta-optimize-dev-lambda-inline"},"sensitive_values":{},"identity_schema_version":0,"identity":{"account_id":null,"name":null,"role":null}},{"address":"aws_lambda_function.this","mode":"managed","type":"aws_lambda_function","name":"this","provider_name":"registry.terraform.io/hashicorp/aws","schema_version":0,"values":{"capacity_provider_config":[],"code_signing_config_arn":null,"dead_letter_config":[],"description":null,"durable_config":[],"environment":[{"variables":{"AWS_S3_LOCKING_PROVIDER":"dynamodb","DATALAKE_LOCATION":"s3://ai-tf/databases/bronze/http","DYNAMODB_LOCK_TABLE_NAME":"lambda-delta-optimize-dev-delta-lock","OPTIMIZE_DS":"yesterday","RUST_LOG":"info"}}],"file_system_config":[],"filename":"./.dummy/lambda.zip","function_name":"lambda-delta-optimize","handler":"bootstrap","image_config":[],"image_uri":null,"kms_key_arn":null,"layers":null,"memory_size":1024,"package_type":"Zip","publish":false,"publish_to":null,"region":"us-east-1","replace_security_groups_on_destroy":null,"replacement_security_group_ids":null,"reserved_concurrent_executions":1,"runtime":"provided.al2","s3_bucket":null,"s3_key":null,"s3_object_version":null,"skip_destroy":false,"snap_start":[],"source_code_hash":"wmbalFzzY/wG3ivChKElOZB3+B4gptmQyIat05p+fU4=","source_kms_key_arn":null,"tags":null,"tags_all":{"Environment":"dev","ManagedBy":"terraform","Project":"lambda-delta-optimize"},"tenancy_config":[],"timeout":900,"timeouts":null,"vpc_config":[]},"sensitive_values":{"architectures":[],"capacity_provider_config":[],"dead_letter_config":[],"durable_config":[],"environment":[{"variables":{}}],"ephemeral_storage":[],"file_system_config":[],"image_config":[],"logging_config":[],"snap_start":[],"tags_all":{},"tenancy_config":[],"tracing_config":[],"vpc_config":[]},"identity_schema_version":0,"identity":{"account_id":null,"function_name":null,"region":null}},{"address":"aws_lambda_permission.allow_eventbridge","mode":"managed","type":"aws_lambda_permission","name":"allow_eventbridge","provider_name":"registry.terraform.io/hashicorp/aws","schema_version":0,"values":{"action":"lambda:InvokeFunction","event_source_token":null,"function_name":"lambda-delta-optimize","function_url_auth_type":null,"invoked_via_function_url":null,"principal":"events.amazonaws.com","principal_org_id":null,"qualifier":null,"region":"us-east-1","source_account":null,"statement_id":"AllowExecutionFromEventBridge"},"sensitive_values":{},"identity_schema_version":0,"identity":{"account_id":null,"function_name":null,"qualifier":null,"region":null,"statement_id":null}},{"address":"aws_sqs_queue.eventbridge_dlq[0]","mode":"managed","type":"aws_sqs_queue","name":"eventbridge_dlq","index":0,"provider_name":"registry.terraform.io/hashicorp/aws","schema_version":0,"values":{"content_based_deduplication":false,"delay_seconds":0,"fifo_queue":false,"kms_master_key_id":"alias/aws/sqs","max_message_size":262144,"message_retention_seconds":1209600,"name":"lambda-delta-optimize-dev-eventbridge-dlq","receive_wait_time_seconds":0,"region":"us-east-1","tags":null,"tags_all":{"Environment":"dev","ManagedBy":"terraform","Project":"lambda-delta-optimize"},"timeouts":null,"visibility_timeout_seconds":30},"sensitive_values":{"tags_all":{}},"identity_schema_version":1,"identity":{"url":null}},{"address":"data.aws_iam_policy_document.lambda_policy","mode":"data","type":"aws_iam_policy_document","name":"lambda_policy","provider_name":"registry.terraform.io/hashicorp/aws","schema_version":0,"values":{"override_json":null,"override_policy_documents":null,"policy_id":null,"source_json":null,"source_policy_documents":null,"statement":[{"actions":["logs:CreateLogGroup","logs:CreateLogStream","logs:PutLogEvents"],"condition":[],"effect":"Allow","not_actions":null,"not_principals":[],"not_resources":null,"principals":[],"resources":["arn:aws:logs:us-east-1:000000000000:log-group:/aws/lambda/lambda-delta-optimize:*"],"sid":"CloudWatchLogs"},{"actions":["s3:ListBucket"],"condition":[{"test":"StringLike","values":["databases/bronze/http/*","databases/bronze/http"],"variable":"s3:prefix"}],"effect":"Allow","not_actions":null,"not_principals":[],"not_resources":null,"principals":[],"resources":["arn:aws:s3:::ai-tf"],"sid":"S3ListPrefix"},{"actions":["s3:AbortMultipartUpload","s3:DeleteObject","s3:GetObject","s3:ListMultipartUploadParts","s3:PutObject"],"condition":[],"effect":"Allow","not_actions":null,"not_principals":[],"not_resources":null,"principals":[],"resources":["arn:aws:s3:::ai-tf/databases/bronze/http/*"],"sid":"S3ObjectRW"},{"actions":["dynamodb:DeleteItem","dynamodb:DescribeTable","dynamodb:GetItem","dynamodb:PutItem","dynamodb:Query","dynamodb:Scan","dynamodb:UpdateItem"],"condition":[],"effect":"Allow","not_actions":null,"not_principals":[],"not_resources":null,"principals":[],"resources":[null],"sid":"DynamoDBLockTable"}],"version":null},"sensitive_values":{"statement":[{"actions":[false,false,false],"condition":[],"not_principals":[],"principals":[],"resources":[false]},{"actions":[false],"condition":[{"values":[false,false]}],"not_principals":[],"principals":[],"resources":[false]},{"actions":[false,false,false,false,false],"condition":[],"not_principals":[],"principals":[],"resources":[false]},{"actions":[false,false,false,false,false,false,false],"condition":[],"not_principals":[],"principals":[],"resources":[false]}]}}]}},"resource_changes":[{"address":"data.aws_iam_policy_document.lambda_policy","mode":"data","type":"aws_iam_policy_document","name":"lambda_policy","provider_name":"registry.terraform.io/hashicorp/aws","change":{"actions":["read"],"before":null,"after":{"override_json":null,"override_policy_documents":null,"policy_id":null,"source_json":null,"source_policy_documents":null,"statement":[{"actions":["logs:CreateLogGroup","logs:CreateLogStream","logs:PutLogEvents"],"condition":[],"effect":"Allow","not_actions":null,"not_principals":[],"not_resources":null,"principals":[],"resources":["arn:aws:logs:us-east-1:000000000000:log-group:/aws/lambda/lambda-delta-optimize:*"],"sid":"CloudWatchLogs"},{"actions":["s3:ListBucket"],"condition":[{"test":"StringLike","values":["databases/bronze/http/*","databases/bronze/http"],"variable":"s3:prefix"}],"effect":"Allow","not_actions":null,"not_principals":[],"not_resources":null,"principals":[],"resources":["arn:aws:s3:::ai-tf"],"sid":"S3ListPrefix"},{"actions":["s3:AbortMultipartUpload","s3:DeleteObject","s3:GetObject","s3:ListMultipartUploadParts","s3:PutObject"],"condition":[],"effect":"Allow","not_actions":null,"not_principals":[],"not_resources":null,"principals":[],"resources":["arn:aws:s3:::ai-tf/databases/bronze/http/*"],"sid":"S3ObjectRW"},{"actions":["dynamodb:DeleteItem","dynamodb:DescribeTable","dynamodb:GetItem","dynamodb:PutItem","dynamodb:Query","dynamodb:Scan","dynamodb:UpdateItem"],"condition":[],"effect":"Allow","not_actions":null,"not_principals":[],"not_resources":null,"principals":[],"resources":[null],"sid":"DynamoDBLockTable"}],"version":null},"after_unknown":{"id":true,"json":true,"minified_json":true,"statement":[{"actions":[false,false,false],"condition":[],"not_principals":[],"principals":[],"resources":[false]},{"actions":[false],"condition":[{"values":[false,false]}],"not_principals":[],"principals":[],"resources":[false]},{"actions":[false,false,false,false,false],"condition":[],"not_principals":[],"principals":[],"resources":[false]},{"actions":[false,false,false,false,false,false,false],"condition":[],"not_principals":[],"principals":[],"resources":[true]}]},"before_sensitive":false,"after_sensitive":{"statement":[{"actions":[false,false,false],"condition":[],"not_principals":[],"principals":[],"resources":[false]},{"actions":[false],"condition":[{"values":[false,false]}],"not_principals":[],"principals":[],"resources":[false]},{"actions":[false,false,false,false,false],"condition":[],"not_principals":[],"principals":[],"resources":[false]},{"actions":[false,false,false,false,false,false,false],"condition":[],"not_principals":[],"principals":[],"resources":[false]}]}},"action_reason":"read_because_config_unknown"},{"address":"aws_cloudwatch_event_rule.schedule","mode":"managed","type":"aws_cloudwatch_event_rule","name":"schedule","provider_name":"registry.terraform.io/hashicorp/aws","change":{"actions":["create"],"before":null,"after":{"description":"Scheduled trigger for lambda-delta-optimize","event_bus_name":"default","event_pattern":null,"force_destroy":false,"is_enabled":null,"name":"lambda-delta-optimize-dev-schedule","region":"us-east-1","role_arn":null,"schedule_expression":"rate(1 day)","state":null,"tags":null,"tags_all":{"Environment":"dev","ManagedBy":"terraform","Project":"lambda-delta-optimize"}},"after_unknown":{"arn":true,"id":true,"name_prefix":true,"tags_all":{}},"before_sensitive":false,"after_sensitive":{"tags_all":{}},"after_identity":{"account_id":null,"name":null,"region":null}}},{"address":"aws_cloudwatch_event_target.lambda","mode":"managed","type":"aws_cloudwatch_event_target","name":"lambda","provider_name":"registry.terraform.io/hashicorp/aws","change":{"actions":["create"],"before":null,"after":{"appsync_target":[],"batch_target":[],"dead_letter_config":[{}],"ecs_target":[],"event_bus_name":"default","force_destroy":false,"http_target":[],"input":null,"input_path":null,"input_transformer":[],"kinesis_target":[],"redshift_target":[],"region":"us-east-1","retry_policy":[{"maximum_event_age_in_seconds":3600,"maximum_retry_attempts":2}],"role_arn":null,"rule":"lambda-delta-optimize-dev-schedule","run_command_targets":[],"sagemaker_pipeline_target":[],"sqs_target":[],"target_id":"lambda"},"after_unknown":{"appsync_target":[],"arn":true,"batch_target":[],"dead_letter_config":[{"arn":true}],"ecs_target":[],"http_target":[],"id":true,"input_transformer":[],"kinesis_target":[],"redshift_target":[],"retry_policy":[{}],"run_command_targets":[],"sagemaker_pipeline_target":[],"sqs_target":[]},"before_sensitive":false,"after_sensitive":{"appsync_target":[],"batch_target":[],"dead_letter_config":[{}],"ecs_target":[],"http_target":[],"input_transformer":[],"kinesis_target":[],"redshift_target":[],"retry_policy":[{}],"run_command_targets":[],"sagemaker_pipeline_target":[],"sqs_target":[]},"after_identity":{"account_id":null,"event_bus_name":null,"region":null,"rule":null,"target_id":null}}},{"address":"aws_cloudwatch_log_group.lambda","mode":"managed","type":"aws_cloudwatch_log_group","name":"lambda","provider_name":"registry.terraform.io/hashicorp/aws","change":{"actions":["create"],"before":null,"after":{"kms_key_id":null,"name":"/aws/lambda/lambda-delta-optimize","region":"us-east-1","retention_in_days":30,"skip_destroy":false,"tags":null,"tags_all":{"Environment":"dev","ManagedBy":"terraform","Project":"lambda-delta-optimize"}},"after_unknown":{"arn":true,"deletion_protection_enabled":true,"id":true,"log_group_class":true,"name_prefix":true,"tags_all":{}},"before_sensitive":false,"after_sensitive":{"tags_all":{}},"after_identity":{"account_id":null,"name":null,"region":null}}},{"address":"aws_cloudwatch_metric_alarm.eventbridge_failed_invocations","mode":"managed","type":"aws_cloudwatch_metric_alarm","name":"eventbridge_failed_invocations","provider_name":"registry.terraform.io/hashicorp/aws","change":{"actions":["create"],"before":null,"after":{"actions_enabled":true,"alarm_actions":null,"alarm_description":"EventBridge failed invocations \u003e 0","alarm_name":"lambda-delta-optimize-dev-eventbridge-failed-invocations","comparison_operator":"GreaterThanThreshold","datapoints_to_alarm":null,"dimensions":{"RuleName":"lambda-delta-optimize-dev-schedule"},"evaluation_periods":1,"extended_statistic":null,"insufficient_data_actions":null,"metric_name":"FailedInvocations","metric_query":[],"namespace":"AWS/Events","ok_actions":null,"period":300,"region":"us-east-1","statistic":"Sum","tags":null,"tags_all":{"Environment":"dev","ManagedBy":"terraform","Project":"lambda-delta-optimize"},"threshold":0,"threshold_metric_id":null,"treat_missing_data":"missing","unit":null},"after_unknown":{"arn":true,"dimensions":{},"evaluate_low_sample_count_percentiles":true,"id":true,"metric_query":[],"tags_all":{}},"before_sensitive":false,"after_sensitive":{"dimensions":{},"metric_query":[],"tags_all":{}},"after_identity":{"account_id":null,"alarm_name":null,"region":null}}},{"address":"aws_cloudwatch_metric_alarm.lambda_errors","mode":"managed","type":"aws_cloudwatch_metric_alarm","name":"lambda_errors","provider_name":"registry.terraform.io/hashicorp/aws","change":{"actions":["create"],"before":null,"after":{"actions_enabled":true,"alarm_actions":null,"alarm_description":"Lambda errors \u003e 0","alarm_name":"lambda-delta-optimize-dev-lambda-errors","comparison_operator":"GreaterThanThreshold","datapoints_to_alarm":null,"dimensions":{"FunctionName":"lambda-delta-optimize"},"evaluation_periods":1,"extended_statistic":null,"insufficient_data_actions":null,"metric_name":"Errors","metric_query":[],"namespace":"AWS/Lambda","ok_actions":null,"period":300,"region":"us-east-1","statistic":"Sum","tags":null,"tags_all":{"Environment":"dev","ManagedBy":"terraform","Project":"lambda-delta-optimize"},"threshold":0,"threshold_metric_id":null,"treat_missing_data":"missing","unit":null},"after_unknown":{"arn":true,"dimensions":{},"evaluate_low_sample_count_percentiles":true,"id":true,"metric_query":[],"tags_all":{}},"before_sensitive":false,"after_sensitive":{"dimensions":{},"metric_query":[],"tags_all":{}},"after_identity":{"account_id":null,"alarm_name":null,"region":null}}},{"address":"aws_cloudwatch_metric_alarm.lambda_throttles","mode":"managed","type":"aws_cloudwatch_metric_alarm","name":"lambda_throttles","provider_name":"registry.terraform.io/hashicorp/aws","change":{"actions":["create"],"before":null,"after":{"actions_enabled":true,"alarm_actions":null,"alarm_description":"Lambda throttles \u003e 0","alarm_name":"lambda-delta-optimize-dev-lambda-throttles","comparison_operator":"GreaterThanThreshold","datapoints_to_alarm":null,"dimensions":{"FunctionName":"lambda-delta-optimize"},"evaluation_periods":1,"extended_statistic":null,"insufficient_data_actions":null,"metric_name":"Throttles","metric_query":[],"namespace":"AWS/Lambda","ok_actions":null,"period":300,"region":"us-east-1","statistic":"Sum","tags":null,"tags_all":{"Environment":"dev","ManagedBy":"terraform","Project":"lambda-delta-optimize"},"threshold":0,"threshold_metric_id":null,"treat_missing_data":"missing","unit":null},"after_unknown":{"arn":true,"dimensions":{},"evaluate_low_sample_count_percentiles":true,"id":true,"metric_query":[],"tags_all":{}},"before_sensitive":false,"after_sensitive":{"dimensions":{},"metric_query":[],"tags_all":{}},"after_identity":{"account_id":null,"alarm_name":null,"region":null}}},{"address":"aws_dynamodb_table.delta_lock","mode":"managed","type":"aws_dynamodb_table","name":"delta_lock","provider_name":"registry.terraform.io/hashicorp/aws","change":{"actions":["create"],"before":null,"after":{"attribute":[{"name":"key","type":"S"}],"billing_mode":"PAY_PER_REQUEST","deletion_protection_enabled":null,"hash_key":"key","import_table":[],"local_secondary_index":[],"name":"lambda-delta-optimize-dev-delta-lock","on_demand_throughput":[],"point_in_time_recovery":[{"enabled":true}],"range_key":null,"region":"us-east-1","replica":[],"restore_date_time":null,"restore_source_name":null,"restore_source_table_arn":null,"restore_to_latest_time":null,"stream_enabled":null,"table_class":null,"tags":null,"tags_all":{"Environment":"dev","ManagedBy":"terraform","Project":"lambda-delta-optimize"},"timeouts":null},"after_unknown":{"arn":true,"attribute":[{}],"global_secondary_index":true,"global_table_witness":true,"id":true,"import_table":[],"local_secondary_index":[],"on_demand_throughput":[],"point_in_time_recovery":[{"recovery_period_in_days":true}],"read_capacity":true,"replica":[],"server_side_encryption":true,"stream_arn":true,"stream_label":true,"stream_view_type":true,"tags_all":{},"ttl":true,"warm_throughput":true,"write_capacity":true},"before_sensitive":false,"after_sensitive":{"attribute":[{}],"global_secondary_index":[],"global_table_witness":[],"import_table":[],"local_secondary_index":[],"on_demand_throughput":[],"point_in_time_recovery":[{}],"replica":[],"server_side_encryption":[],"tags_all":{},"ttl":[],"warm_throughput":[]}}},{"address":"aws_iam_role.lambda","mode":"managed","type":"aws_iam_role","name":"lambda","provider_name":"registry.terraform.io/hashicorp/aws","change":{"actions":["create"],"before":null,"after":{"assume_role_policy":"{\"Statement\":[{\"Action\":\"sts:AssumeRole\",\"Effect\":\"Allow\",\"Principal\":{\"Service\":\"lambda.amazonaws.com\"}}],\"Version\":\"2012-10-17\"}","description":null,"force_detach_policies":false,"max_session_duration":3600,"name":"lambda-delta-optimize-dev-lambda-role","path":"/","permissions_boundary":null,"tags":null,"tags_all":{"Environment":"dev","ManagedBy":"terraform","Project":"lambda-delta-optimize"}},"after_unknown":{"arn":true,"create_date":true,"id":true,"inline_policy":true,"managed_policy_arns":true,"name_prefix":true,"tags_all":{},"unique_id":true},"before_sensitive":false,"after_sensitive":{"inline_policy":[],"managed_policy_arns":[],"tags_all":{}},"after_identity":{"account_id":null,"name":null}}},{"address":"aws_iam_role_policy.lambda_inline","mode":"managed","type":"aws_iam_role_policy","name":"lambda_inline","provider_name":"registry.terraform.io/hashicorp/aws","change":{"actions":["create"],"before":null,"after":{"name":"lambda-delta-optimize-dev-lambda-inline"},"after_unknown":{"id":true,"name_prefix":true,"policy":true,"role":true},"before_sensitive":false,"after_sensitive":{},"after_identity":{"account_id":null,"name":null,"role":null}}},{"address":"aws_lambda_function.this","mode":"managed","type":"aws_lambda_function","name":"this","provider_name":"registry.terraform.io/hashicorp/aws","change":{"actions":["create"],"before":null,"after":{"capacity_provider_config":[],"code_signing_config_arn":null,"dead_letter_config":[],"description":null,"durable_config":[],"environment":[{"variables":{"AWS_S3_LOCKING_PROVIDER":"dynamodb","DATALAKE_LOCATION":"s3://ai-tf/databases/bronze/http","DYNAMODB_LOCK_TABLE_NAME":"lambda-delta-optimize-dev-delta-lock","OPTIMIZE_DS":"yesterday","RUST_LOG":"info"}}],"file_system_config":[],"filename":"./.dummy/lambda.zip","function_name":"lambda-delta-optimize","handler":"bootstrap","image_config":[],"image_uri":null,"kms_key_arn":null,"layers":null,"memory_size":1024,"package_type":"Zip","publish":false,"publish_to":null,"region":"us-east-1","replace_security_groups_on_destroy":null,"replacement_security_group_ids":null,"reserved_concurrent_executions":1,"runtime":"provided.al2","s3_bucket":null,"s3_key":null,"s3_object_version":null,"skip_destroy":false,"snap_start":[],"source_code_hash":"wmbalFzzY/wG3ivChKElOZB3+B4gptmQyIat05p+fU4=","source_kms_key_arn":null,"tags":null,"tags_all":{"Environment":"dev","ManagedBy":"terraform","Project":"lambda-delta-optimize"},"tenancy_config":[],"timeout":900,"timeouts":null,"vpc_config":[]},"after_unknown":{"architectures":true,"arn":true,"capacity_provider_config":[],"code_sha256":true,"dead_letter_config":[],"durable_config":[],"environment":[{"variables":{}}],"ephemeral_storage":true,"file_system_config":[],"id":true,"image_config":[],"invoke_arn":true,"last_modified":true,"logging_config":true,"qualified_arn":true,"qualified_invoke_arn":true,"response_streaming_invoke_arn":true,"role":true,"signing_job_arn":true,"signing_profile_version_arn":true,"snap_start":[],"source_code_size":true,"tags_all":{},"tenancy_config":[],"tracing_config":true,"version":true,"vpc_config":[]},"before_sensitive":false,"after_sensitive":{"architectures":[],"capacity_provider_config":[],"dead_letter_config":[],"durable_config":[],"environment":[{"variables":{}}],"ephemeral_storage":[],"file_system_config":[],"image_config":[],"logging_config":[],"snap_start":[],"tags_all":{},"tenancy_config":[],"tracing_config":[],"vpc_config":[]},"after_identity":{"account_id":null,"function_name":null,"region":null}}},{"address":"aws_lambda_permission.allow_eventbridge","mode":"managed","type":"aws_lambda_permission","name":"allow_eventbridge","provider_name":"registry.terraform.io/hashicorp/aws","change":{"actions":["create"],"before":null,"after":{"action":"lambda:InvokeFunction","event_source_token":null,"function_name":"lambda-delta-optimize","function_url_auth_type":null,"invoked_via_function_url":null,"principal":"events.amazonaws.com","principal_org_id":null,"qualifier":null,"region":"us-east-1","source_account":null,"statement_id":"AllowExecutionFromEventBridge"},"after_unknown":{"id":true,"source_arn":true,"statement_id_prefix":true},"before_sensitive":false,"after_sensitive":{},"after_identity":{"account_id":null,"function_name":null,"qualifier":null,"region":null,"statement_id":null}}},{"address":"aws_sqs_queue.eventbridge_dlq[0]","mode":"managed","type":"aws_sqs_queue","name":"eventbridge_dlq","index":0,"provider_name":"registry.terraform.io/hashicorp/aws","change":{"actions":["create"],"before":null,"after":{"content_based_deduplication":false,"delay_seconds":0,"fifo_queue":false,"kms_master_key_id":"alias/aws/sqs","max_message_size":262144,"message_retention_seconds":1209600,"name":"lambda-delta-optimize-dev-eventbridge-dlq","receive_wait_time_seconds":0,"region":"us-east-1","tags":null,"tags_all":{"Environment":"dev","ManagedBy":"terraform","Project":"lambda-delta-optimize"},"timeouts":null,"visibility_timeout_seconds":30},"after_unknown":{"arn":true,"deduplication_scope":true,"fifo_throughput_limit":true,"id":true,"kms_data_key_reuse_period_seconds":true,"name_prefix":true,"policy":true,"redrive_allow_policy":true,"redrive_policy":true,"sqs_managed_sse_enabled":true,"tags_all":{},"url":true},"before_sensitive":false,"after_sensitive":{"tags_all":{}},"after_identity":{"url":null}}}],"output_changes":{"datalake_location":{"actions":["create"],"before":null,"after":"s3://ai-tf/databases/bronze/http","after_unknown":false,"before_sensitive":false,"after_sensitive":false},"dynamodb_lock_table_name":{"actions":["create"],"before":null,"after":"lambda-delta-optimize-dev-delta-lock","after_unknown":false,"before_sensitive":false,"after_sensitive":false},"eventbridge_dlq_url":{"actions":["create"],"before":null,"after_unknown":true,"before_sensitive":false,"after_sensitive":false},"eventbridge_rule_name":{"actions":["create"],"before":null,"after":"lambda-delta-optimize-dev-schedule","after_unknown":false,"before_sensitive":false,"after_sensitive":false},"lambda_function_name":{"actions":["create"],"before":null,"after":"lambda-delta-optimize","after_unknown":false,"before_sensitive":false,"after_sensitive":false}},"prior_state":{"format_version":"1.0","terraform_version":"1.13.5","values":{"outputs":{"datalake_location":{"sensitive":false,"value":"s3://ai-tf/databases/bronze/http","type":"string"},"dynamodb_lock_table_name":{"sensitive":false,"value":"lambda-delta-optimize-dev-delta-lock","type":"string"},"eventbridge_rule_name":{"sensitive":false,"value":"lambda-delta-optimize-dev-schedule","type":"string"},"lambda_function_name":{"sensitive":false,"value":"lambda-delta-optimize","type":"string"}},"root_module":{"resources":[{"address":"data.archive_file.lambda_dummy","mode":"data","type":"archive_file","name":"lambda_dummy","provider_name":"registry.terraform.io/hashicorp/archive","schema_version":0,"values":{"exclude_symlink_directories":null,"excludes":null,"id":"58e93fade67637870be5af38eff8d5aa66c7da49","output_base64sha256":"wmbalFzzY/wG3ivChKElOZB3+B4gptmQyIat05p+fU4=","output_base64sha512":"BQYAg1LwEY4tDmry1VoRx6StX0vjH+7LpfB5KAZLVvfJQjioPbBv1QxI6QF6P2U614fU3h9XKBCb9z5Y1ornqA==","output_file_mode":null,"output_md5":"a0dbd832a6a977d6d5b28ea5c85e30fb","output_path":"./.dummy/lambda.zip","output_sha":"58e93fade67637870be5af38eff8d5aa66c7da49","output_sha256":"c266da945cf363fc06de2bc284a125399077f81e20a6d990c886add39a7e7d4e","output_sha512":"0506008352f0118e2d0e6af2d55a11c7a4ad5f4be31feecba5f07928064b56f7c94238a83db06fd50c48e9017a3f653ad787d4de1f5728109bf73e58d68ae7a8","output_size":246,"source":[{"content":"exports.handler = async (event) =\u003e {\n  console.log(\"Dummy lambda invoked\");\n  return { statusCode: 200, body: \"dummy\" };\n};\n","filename":"index.js"}],"source_content":null,"source_content_filename":null,"source_dir":null,"source_file":null,"type":"zip"},"sensitive_values":{"source":[{}]}},{"address":"data.aws_caller_identity.current","mode":"data","type":"aws_caller_identity","name":"current","provider_name":"registry.terraform.io/hashicorp/aws","schema_version":0,"values":{"account_id":"000000000000","arn":"arn:aws:iam::000000000000:root","id":"000000000000","user_id":"AKIAIOSFODNN7EXAMPLE"},"sensitive_values":{}},{"address":"data.aws_iam_policy_document.lambda_assume","mode":"data","type":"aws_iam_policy_document","name":"lambda_assume","provider_name":"registry.terraform.io/hashicorp/aws","schema_version":0,"values":{"id":"2690255455","json":"{\n  \"Version\": \"2012-10-17\",\n  \"Statement\": [\n    {\n      \"Effect\": \"Allow\",\n      \"Action\": \"sts:AssumeRole\",\n      \"Principal\": {\n        \"Service\": \"lambda.amazonaws.com\"\n      }\n    }\n  ]\n}","minified_json":"{\"Version\":\"2012-10-17\",\"Statement\":[{\"Effect\":\"Allow\",\"Action\":\"sts:AssumeRole\",\"Principal\":{\"Service\":\"lambda.amazonaws.com\"}}]}","override_json":null,"override_policy_documents":null,"policy_id":null,"source_json":null,"source_policy_documents":null,"statement":[{"actions":["sts:AssumeRole"],"condition":[],"effect":"Allow","not_actions":[],"not_principals":[],"not_resources":[],"principals":[{"identifiers":["lambda.amazonaws.com"],"type":"Service"}],"resources":[],"sid":""}],"version":"2012-10-17"},"sensitive_values":{"statement":[{"actions":[false],"condition":[],"not_actions":[],"not_principals":[],"not_resources":[],"principals":[{"identifiers":[false]}],"resources":[]}]}},{"address":"data.aws_partition.current","mode":"data","type":"aws_partition","name":"current","provider_name":"registry.terraform.io/hashicorp/aws","schema_version":0,"values":{"dns_suffix":"amazonaws.com","id":"aws","partition":"aws","reverse_dns_prefix":"com.amazonaws"},"sensitive_values":{}},{"address":"data.aws_region.current","mode":"data","type":"aws_region","name":"current","provider_name":"registry.terraform.io/hashicorp/aws","schema_version":0,"values":{"description":"US East (N. Virginia)","endpoint":"ec2.us-east-1.amazonaws.com","id":"us-east-1","name":"us-east-1","region":"us-east-1"},"sensitive_values":{}}]}}},"configuration":{"provider_config":{"archive":{"name":"archive","full_name":"registry.terraform.io/hashicorp/archive","version_constraint":"~\u003e 2.7"},"aws":{"name":"aws","full_name":"registry.terraform.io/hashicorp/aws","version_constraint":"~\u003e 6.28","expressions":{"default_tags":[{"tags":{"references":["var.project_name","var.environment"]}}],"region":{"references":["var.aws_region"]}}}},"root_module":{"outputs":{"datalake_location":{"expression":{"references":["local.datalake_location"]},"description":"S3 URL passed to the Lambda as DATALAKE_LOCATION."},"dynamodb_lock_table_name":{"expression":{"references":["aws_dynamodb_table.delta_lock.name","aws_dynamodb_table.delta_lock"]},"description":"DynamoDB lock table name used by delta-rs."},"eventbridge_dlq_url":{"expression":{"references":["var.enable_eventbridge_dlq","aws_sqs_queue.eventbridge_dlq[0].url","aws_sqs_queue.eventbridge_dlq[0]","aws_sqs_queue.eventbridge_dlq"]},"description":"SQS DLQ URL (if enabled)."},"eventbridge_rule_name":{"expression":{"references":["aws_cloudwatch_event_rule.schedule.name","aws_cloudwatch_event_rule.schedule"]},"description":"EventBridge schedule rule name."},"lambda_function_name":{"expression":{"references":["aws_lambda_function.this.function_name","aws_lambda_function.this"]},"description":"Deployed Lambda function name."}},"resources":[{"address":"aws_cloudwatch_event_rule.schedule","mode":"managed","type":"aws_cloudwatch_event_rule","name":"schedule","provider_config_key":"aws","expressions":{"description":{"references":["var.lambda_name"]},"name":{"references":["local.name_prefix"]},"schedule_expression":{"references":["var.schedule_expression"]}},"schema_version":1},{"address":"aws_cloudwatch_event_target.lambda","mode":"managed","type":"aws_cloudwatch_event_target","name":"lambda","provider_config_key":"aws","expressions":{"arn":{"references":["aws_lambda_function.this.arn","aws_lambda_function.this"]},"retry_policy":[{"maximum_event_age_in_seconds":{"constant_value":3600},"maximum_retry_attempts":{"constant_value":2}}],"rule":{"references":["aws_cloudwatch_event_rule.schedule.name","aws_cloudwatch_event_rule.schedule"]},"target_id":{"constant_value":"lambda"}},"schema_version":1,"depends_on":["aws_lambda_permission.allow_eventbridge"]},{"address":"aws_cloudwatch_log_group.lambda","mode":"managed","type":"aws_cloudwatch_log_group","name":"lambda","provider_config_key":"aws","expressions":{"name":{"references":["var.lambda_name"]},"retention_in_days":{"references":["var.log_retention_days"]}},"schema_version":0},{"address":"aws_cloudwatch_metric_alarm.eventbridge_failed_invocations","mode":"managed","type":"aws_cloudwatch_metric_alarm","name":"eventbridge_failed_invocations","provider_config_key":"aws","expressions":{"alarm_actions":{"references":["local.alarm_actions"]},"alarm_description":{"constant_value":"EventBridge failed invocations \u003e 0"},"alarm_name":{"references":["local.name_prefix"]},"comparison_operator":{"constant_value":"GreaterThanThreshold"},"dimensions":{"references":["aws_cloudwatch_event_rule.schedule.name","aws_cloudwatch_event_rule.schedule"]},"evaluation_periods":{"constant_value":1},"metric_name":{"constant_value":"FailedInvocations"},"namespace":{"constant_value":"AWS/Events"},"ok_actions":{"references":["local.alarm_actions"]},"period":{"constant_value":300},"statistic":{"constant_value":"Sum"},"threshold":{"constant_value":0}},"schema_version":1},{"address":"aws_cloudwatch_metric_alarm.lambda_errors","mode":"managed","type":"aws_cloudwatch_metric_alarm","name":"lambda_errors","provider_config_key":"aws","expressions":{"alarm_actions":{"references":["local.alarm_actions"]},"alarm_description":{"constant_value":"Lambda errors \u003e 0"},"alarm_name":{"references":["local.name_prefix"]},"comparison_operator":{"constant_value":"GreaterThanThreshold"},"dimensions":{"references":["aws_lambda_function.this.function_name","aws_lambda_function.this"]},"evaluation_periods":{"constant_value":1},"metric_name":{"constant_value":"Errors"},"namespace":{"constant_value":"AWS/Lambda"},"ok_actions":{"references":["local.alarm_actions"]},"period":{"constant_value":300},"statistic":{"constant_value":"Sum"},"threshold":{"constant_value":0}},"schema_version":1},{"address":"aws_cloudwatch_metric_alarm.lambda_throttles","mode":"managed","type":"aws_cloudwatch_metric_alarm","name":"lambda_throttles","provider_config_key":"aws","expressions":{"alarm_actions":{"references":["local.alarm_actions"]},"alarm_description":{"constant_value":"Lambda throttles \u003e 0"},"alarm_name":{"references":["local.name_prefix"]},"comparison_operator":{"constant_value":"GreaterThanThreshold"},"dimensions":{"references":["aws_lambda_function.this.function_name","aws_lambda_function.this"]},"evaluation_periods":{"constant_value":1},"metric_name":{"constant_value":"Throttles"},"namespace":{"constant_value":"AWS/Lambda"},"ok_actions":{"references":["local.alarm_actions"]},"period":{"constant_value":300},"statistic":{"constant_value":"Sum"},"threshold":{"constant_value":0}},"schema_version":1},{"address":"aws_dynamodb_table.delta_lock","mode":"managed","type":"aws_dynamodb_table","name":"delta_lock","provider_config_key":"aws","expressions":{"attribute":[{"name":{"constant_value":"key"},"type":{"constant_value":"S"}}],"billing_mode":{"constant_value":"PAY_PER_REQUEST"},"hash_key":{"constant_value":"key"},"name":{"references":["local.name_prefix"]},"point_in_time_recovery":[{"enabled":{"constant_value":true}}]},"schema_version":1},{"address":"aws_iam_role.lambda","mode":"managed","type":"aws_iam_role","name":"lambda","provider_config_key":"aws","expressions":{"assume_role_policy":{"references":["data.aws_iam_policy_document.lambda_assume.json","data.aws_iam_policy_document.lambda_assume"]},"name":{"references":["local.name_prefix"]}},"schema_version":0},{"address":"aws_iam_role_policy.lambda_inline","mode":"managed","type":"aws_iam_role_policy","name":"lambda_inline","provider_config_key":"aws","expressions":{"name":{"references":["local.name_prefix"]},"policy":{"references":["data.aws_iam_policy_document.lambda_policy.json","data.aws_iam_policy_document.lambda_policy"]},"role":{"references":["aws_iam_role.lambda.id","aws_iam_role.lambda"]}},"schema_version":0},{"address":"aws_lambda_function.this","mode":"managed","type":"aws_lambda_function","name":"this","provider_config_key":"aws","expressions":{"environment":[{"variables":{"references":["local.datalake_location","aws_dynamodb_table.delta_lock.name","aws_dynamodb_table.delta_lock","var.optimize_ds"]}}],"filename":{"references":["var.lambda_zip_path","var.lambda_zip_path","data.archive_file.lambda_dummy.output_path","data.archive_file.lambda_dummy"]},"function_name":{"references":["var.lambda_name"]},"handler":{"constant_value":"bootstrap"},"memory_size":{"references":["var.lambda_memory_size"]},"reserved_concurrent_executions":{"references":["var.lambda_reserved_concurrency"]},"role":{"references":["aws_iam_role.lambda.arn","aws_iam_role.lambda"]},"runtime":{"constant_value":"provided.al2"},"source_code_hash":{"references":["var.lambda_zip_path","var.lambda_zip_path","data.archive_file.lambda_dummy.output_path","data.archive_file.lambda_dummy"]},"timeout":{"references":["var.lambda_timeout_seconds"]}},"schema_version":0,"depends_on":["aws_cloudwatch_log_group.lambda"]},{"address":"aws_lambda_permission.allow_eventbridge","mode":"managed","type":"aws_lambda_permission","name":"allow_eventbridge","provider_config_key":"aws","expressions":{"action":{"constant_value":"lambda:InvokeFunction"},"function_name":{"references":["aws_lambda_function.this.function_name","aws_lambda_function.this"]},"principal":{"constant_value":"events.amazonaws.com"},"source_arn":{"references":["aws_cloudwatch_event_rule.schedule.arn","aws_cloudwatch_event_rule.schedule"]},"statement_id":{"constant_value":"AllowExecutionFromEventBridge"}},"schema_version":0},{"address":"aws_s3_bucket.datalake","mode":"managed","type":"aws_s3_bucket","name":"datalake","provider_config_key":"aws","expressions":{"bucket":{"references":["var.datalake_bucket_name"]},"force_destroy":{"references":["var.s3_force_destroy"]}},"schema_version":0,"count_expression":{"references":["var.create_datalake_bucket"]}},{"address":"aws_s3_bucket_policy.datalake_tls","mode":"managed","type":"aws_s3_bucket_policy","name":"datalake_tls","provider_config_key":"aws","expressions":{"bucket":{"references":["aws_s3_bucket.datalake[0].id","aws_s3_bucket.datalake[0]","aws_s3_bucket.datalake"]},"policy":{"references":["aws_s3_bucket.datalake[0].arn","aws_s3_bucket.datalake[0]","aws_s3_bucket.datalake","aws_s3_bucket.datalake[0].arn","aws_s3_bucket.datalake[0]","aws_s3_bucket.datalake"]}},"schema_version":0,"count_expression":{"references":["var.create_datalake_bucket"]}},{"address":"aws_s3_bucket_public_access_block.datalake","mode":"managed","type":"aws_s3_bucket_public_access_block","name":"datalake","provider_config_key":"aws","expressions":{"block_public_acls":{"constant_value":true},"block_public_policy":{"constant_value":true},"bucket":{"references":["aws_s3_bucket.datalake[0].id","aws_s3_bucket.datalake[0]","aws_s3_bucket.datalake"]},"ignore_public_acls":{"constant_value":true},"restrict_public_buckets":{"constant_value":true}},"schema_version":0,"count_expression":{"references":["var.create_datalake_bucket"]}},{"address":"aws_s3_bucket_server_side_encryption_configuration.datalake","mode":"managed","type":"aws_s3_bucket_server_side_encryption_configuration","name":"datalake","provider_config_key":"aws","expressions":{"bucket":{"references":["aws_s3_bucket.datalake[0].id","aws_s3_bucket.datalake[0]","aws_s3_bucket.datalake"]},"rule":[{"apply_server_side_encryption_by_default":[{"sse_algorithm":{"constant_value":"AES256"}}]}]},"schema_version":0,"count_expression":{"references":["var.create_datalake_bucket"]}},{"address":"aws_s3_bucket_versioning.datalake","mode":"managed","type":"aws_s3_bucket_versioning","name":"datalake","provider_config_key":"aws","expressions":{"bucket":{"references":["aws_s3_bucket.datalake[0].id","aws_s3_bucket.datalake[0]","aws_s3_bucket.datalake"]},"versioning_configuration":[{"status":{"constant_value":"Enabled"}}]},"schema_version":0,"count_expression":{"references":["var.create_datalake_bucket"]}},{"address":"aws_sqs_queue.eventbridge_dlq","mode":"managed","type":"aws_sqs_queue","name":"eventbridge_dlq","provider_config_key":"aws","expressions":{"kms_master_key_id":{"constant_value":"alias/aws/sqs"},"message_retention_seconds":{"constant_value":1209600},"name":{"references":["local.name_prefix"]}},"schema_version":0,"count_expression":{"references":["var.enable_eventbridge_dlq"]}},{"address":"data.archive_file.lambda_dummy","mode":"data","type":"archive_file","name":"lambda_dummy","provider_config_key":"archive","expressions":{"output_path":{"references":["local.lambda_dummy_zip"]},"source":[{"content":{"constant_value":"exports.handler = async (event) =\u003e {\n  console.log(\"Dummy lambda invoked\");\n  return { statusCode: 200, body: \"dummy\" };\n};\n"},"filename":{"constant_value":"index.js"}}],"type":{"constant_value":"zip"}},"schema_version":0},{"address":"data.aws_caller_identity.current","mode":"data","type":"aws_caller_identity","name":"current","provider_config_key":"aws","schema_version":0},{"address":"data.aws_iam_policy_document.lambda_assume","mode":"data","type":"aws_iam_policy_document","name":"lambda_assume","provider_config_key":"aws","expressions":{"statement":[{"actions":{"constant_value":["sts:AssumeRole"]},"effect":{"constant_value":"Allow"},"principals":[{"identifiers":{"constant_value":["lambda.amazonaws.com"]},"type":{"constant_value":"Service"}}]}]},"schema_version":0},{"address":"data.aws_iam_policy_document.lambda_policy","mode":"data","type":"aws_iam_policy_document","name":"lambda_policy","provider_config_key":"aws","expressions":{"statement":[{"actions":{"constant_value":["logs:CreateLogGroup","logs:CreateLogStream","logs:PutLogEvents"]},"effect":{"constant_value":"Allow"},"resources":{"references":["data.aws_partition.current.partition","data.aws_partition.current","data.aws_region.current.region","data.aws_region.current","data.aws_caller_identity.current.account_id","data.aws_caller_identity.current","var.lambda_name"]},"sid":{"constant_value":"CloudWatchLogs"}},{"actions":{"constant_value":["s3:ListBucket"]},"condition":[{"test":{"constant_value":"StringLike"},"values":{"references":["var.datalake_prefix","var.datalake_prefix"]},"variable":{"constant_value":"s3:prefix"}}],"effect":{"constant_value":"Allow"},"resources":{"references":["data.aws_partition.current.partition","data.aws_partition.current","var.datalake_bucket_name"]},"sid":{"constant_value":"S3ListPrefix"}},{"actions":{"constant_value":["s3:GetObject","s3:PutObject","s3:DeleteObject","s3:AbortMultipartUpload","s3:ListMultipartUploadParts"]},"effect":{"constant_value":"Allow"},"resources":{"references":["data.aws_partition.current.partition","data.aws_partition.current","var.datalake_bucket_name","var.datalake_prefix"]},"sid":{"constant_value":"S3ObjectRW"}},{"actions":{"constant_value":["dynamodb:GetItem","dynamodb:PutItem","dynamodb:UpdateItem","dynamodb:DeleteItem","dynamodb:DescribeTable","dynamodb:Query","dynamodb:Scan"]},"effect":{"constant_value":"Allow"},"resources":{"references":["aws_dynamodb_table.delta_lock.arn","aws_dynamodb_table.delta_lock"]},"sid":{"constant_value":"DynamoDBLockTable"}}]},"schema_version":0},{"address":"data.aws_partition.current","mode":"data","type":"aws_partition","name":"current","provider_config_key":"aws","schema_version":0},{"address":"data.aws_region.current","mode":"data","type":"aws_region","name":"current","provider_config_key":"aws","schema_version":0}],"variables":{"alarm_sns_topic_arn":{"default":null,"description":"Optional SNS topic ARN to notify alarms. If null, alarms are created without actions."},"aws_region":{"default":"us-east-1","description":"AWS region to deploy into."},"create_datalake_bucket":{"default":false,"description":"Whether Terraform should create the S3 bucket. If false, bucket must already exist."},"datalake_bucket_name":{"description":"S3 bucket name that stores the Delta Lake table."},"datalake_prefix":{"default":"databases/bronze/http","description":"S3 prefix (folder) under the bucket where the Delta Lake table lives (no leading slash)."},"enable_eventbridge_dlq":{"default":true,"description":"Whether to create an SQS DLQ for failed EventBridge-\u003eLambda invocations."},"environment":{"default":"dev","description":"Environment name (e.g., dev, staging, prod)."},"lambda_memory_size":{"default":1024,"description":"Lambda memory size in MB. Delta/Parquet workloads often need \u003e 1024MB."},"lambda_name":{"default":"lambda-delta-optimize","description":"Lambda function name."},"lambda_reserved_concurrency":{"default":1,"description":"Reserved concurrency for the Lambda. Set to 1 to avoid concurrent runs. Use -1 for unreserved."},"lambda_timeout_seconds":{"default":900,"description":"Lambda timeout in seconds."},"lambda_zip_path":{"default":"../target/lambda/lambda-delta-optimize/bootstrap.zip","description":"Path to the Lambda deployment ZIP produced by cargo-lambda (bootstrap.zip)."},"log_retention_days":{"default":30,"description":"CloudWatch log retention in days."},"optimize_ds":{"default":"yesterday","description":"Value for OPTIMIZE_DS env var. Use 'yesterday' to optimize yesterday's ds partition."},"project_name":{"default":"lambda-delta-optimize","description":"Project/name prefix used for resource naming."},"s3_force_destroy":{"default":false,"description":"If creating the bucket, whether to allow force_destroy."},"schedule_expression":{"default":"rate(1 day)","description":"EventBridge schedule expression (rate() or cron())."}}}},"relevant_attributes":[{"resource":"aws_cloudwatch_event_rule.schedule","attribute":["arn"]},{"resource":"data.aws_partition.current","attribute":["partition"]},{"resource":"aws_lambda_function.this","attribute":["arn"]},{"resource":"data.archive_file.lambda_dummy","attribute":["output_path"]},{"resource":"aws_dynamodb_table.delta_lock","attribute":["name"]},{"resource":"aws_iam_role.lambda","attribute":["arn"]},{"resource":"data.aws_iam_policy_document.lambda_assume","attribute":["json"]},{"resource":"aws_sqs_queue.eventbridge_dlq[0]","attribute":["arn"]},{"resource":"data.aws_caller_identity.current","attribute":["account_id"]},{"resource":"data.aws_region.current","attribute":["region"]},{"resource":"aws_cloudwatch_event_rule.schedule","attribute":["name"]},{"resource":"aws_dynamodb_table.delta_lock","attribute":["arn"]},{"resource":"data.aws_iam_policy_document.lambda_policy","attribute":["json"]},{"resource":"aws_iam_role.lambda","attribute":["id"]},{"resource":"aws_lambda_function.this","attribute":["function_name"]},{"resource":"aws_sqs_queue.eventbridge_dlq[0]","attribute":["url"]}],"timestamp":"2026-01-27T00:17:33Z","applyable":true,"complete":true,"errored":false}
