
Terraform used the selected providers to generate the following execution
plan. Resource actions are indicated with the following symbols:
  + create

Terraform will perform the following actions:

  # aws_ecr_repository.my_repository will be created
  + resource "aws_ecr_repository" "my_repository" {
      + arn                  = (known after apply)
      + id                   = (known after apply)
      + image_tag_mutability = "MUTABLE"
      + name                 = "my-ecr-repo"
      + registry_id          = (known after apply)
      + repository_url       = (known after apply)
      + tags_all             = (known after apply)
    }

  # aws_eks_cluster.nawy-eks-cluster will be created
  + resource "aws_eks_cluster" "nawy-eks-cluster" {
      + arn                           = (known after apply)
      + bootstrap_self_managed_addons = true
      + certificate_authority         = (known after apply)
      + cluster_id                    = (known after apply)
      + created_at                    = (known after apply)
      + endpoint                      = (known after apply)
      + id                            = (known after apply)
      + identity                      = (known after apply)
      + name                          = "nawy-eks-cluster"
      + platform_version              = (known after apply)
      + role_arn                      = (known after apply)
      + status                        = (known after apply)
      + tags_all                      = (known after apply)
      + version                       = (known after apply)

      + access_config (known after apply)

      + kubernetes_network_config (known after apply)

      + upgrade_policy (known after apply)

      + vpc_config {
          + cluster_security_group_id = (known after apply)
          + endpoint_private_access   = false
          + endpoint_public_access    = true
          + public_access_cidrs       = (known after apply)
          + subnet_ids                = (known after apply)
          + vpc_id                    = (known after apply)
        }
    }

  # aws_eks_node_group.nawy_node_group will be created
  + resource "aws_eks_node_group" "nawy_node_group" {
      + ami_type               = (known after apply)
      + arn                    = (known after apply)
      + capacity_type          = "ON_DEMAND"
      + cluster_name           = "nawy-eks-cluster"
      + disk_size              = 20
      + id                     = (known after apply)
      + instance_types         = [
          + "t2.small",
        ]
      + node_group_name        = "nawy-eks-node-group"
      + node_group_name_prefix = (known after apply)
      + node_role_arn          = (known after apply)
      + release_version        = (known after apply)
      + resources              = (known after apply)
      + status                 = (known after apply)
      + subnet_ids             = (known after apply)
      + tags                   = {
          + "Name" = "nawy-eks-instance"
        }
      + tags_all               = {
          + "Name" = "nawy-eks-instance"
        }
      + version                = (known after apply)

      + node_repair_config (known after apply)

      + scaling_config {
          + desired_size = 2
          + max_size     = 3
          + min_size     = 1
        }

      + update_config {
          + max_unavailable = 1
        }
    }

  # aws_iam_instance_profile.worker will be created
  + resource "aws_iam_instance_profile" "worker" {
      + arn         = (known after apply)
      + create_date = (known after apply)
      + id          = (known after apply)
      + name        = "ed-eks-worker-new-profile"
      + name_prefix = (known after apply)
      + path        = "/"
      + role        = "ed-eks-worker"
      + tags_all    = (known after apply)
      + unique_id   = (known after apply)
    }

  # aws_iam_policy.autoscaler will be created
  + resource "aws_iam_policy" "autoscaler" {
      + arn              = (known after apply)
      + attachment_count = (known after apply)
      + id               = (known after apply)
      + name             = "ed-eks-autoscaler-policy"
      + name_prefix      = (known after apply)
      + path             = "/"
      + policy           = jsonencode(
            {
              + Statement = [
                  + {
                      + Action   = [
                          + "autoscaling:DescribeAutoScalingGroups",
                          + "autoscaling:DescribeAutoScalingInstances",
                          + "autoscaling:DescribeTags",
                          + "autoscaling:DescribeLaunchConfigurations",
                          + "autoscaling:SetDesiredCapacity",
                          + "autoscaling:TerminateInstanceInAutoScalingGroup",
                          + "ec2:DescribeLaunchTemplateVersions",
                        ]
                      + Effect   = "Allow"
                      + Resource = "*"
                    },
                ]
              + Version   = "2012-10-17"
            }
        )
      + policy_id        = (known after apply)
      + tags_all         = (known after apply)
    }

  # aws_iam_role.master will be created
  + resource "aws_iam_role" "master" {
      + arn                   = (known after apply)
      + assume_role_policy    = jsonencode(
            {
              + Statement = [
                  + {
                      + Action    = "sts:AssumeRole"
                      + Effect    = "Allow"
                      + Principal = {
                          + Service = "eks.amazonaws.com"
                        }
                    },
                ]
              + Version   = "2012-10-17"
            }
        )
      + create_date           = (known after apply)
      + force_detach_policies = false
      + id                    = (known after apply)
      + managed_policy_arns   = (known after apply)
      + max_session_duration  = 3600
      + name                  = "iam_role_eks_master"
      + name_prefix           = (known after apply)
      + path                  = "/"
      + tags_all              = (known after apply)
      + unique_id             = (known after apply)

      + inline_policy (known after apply)
    }

  # aws_iam_role.worker will be created
  + resource "aws_iam_role" "worker" {
      + arn                   = (known after apply)
      + assume_role_policy    = jsonencode(
            {
              + Statement = [
                  + {
                      + Action    = "sts:AssumeRole"
                      + Effect    = "Allow"
                      + Principal = {
                          + Service = "ec2.amazonaws.com"
                        }
                    },
                ]
              + Version   = "2012-10-17"
            }
        )
      + create_date           = (known after apply)
      + force_detach_policies = false
      + id                    = (known after apply)
      + managed_policy_arns   = (known after apply)
      + max_session_duration  = 3600
      + name                  = "ed-eks-worker"
      + name_prefix           = (known after apply)
      + path                  = "/"
      + tags_all              = (known after apply)
      + unique_id             = (known after apply)

      + inline_policy (known after apply)
    }

  # aws_iam_role_policy_attachment.AmazonEC2ContainerRegistryReadOnly will be created
  + resource "aws_iam_role_policy_attachment" "AmazonEC2ContainerRegistryReadOnly" {
      + id         = (known after apply)
      + policy_arn = "arn:aws:iam::aws:policy/AmazonEC2ContainerRegistryReadOnly"
      + role       = "ed-eks-worker"
    }

  # aws_iam_role_policy_attachment.AmazonEKSClusterPolicy will be created
  + resource "aws_iam_role_policy_attachment" "AmazonEKSClusterPolicy" {
      + id         = (known after apply)
      + policy_arn = "arn:aws:iam::aws:policy/AmazonEKSClusterPolicy"
      + role       = "iam_role_eks_master"
    }

  # aws_iam_role_policy_attachment.AmazonEKSServicePolicy will be created
  + resource "aws_iam_role_policy_attachment" "AmazonEKSServicePolicy" {
      + id         = (known after apply)
      + policy_arn = "arn:aws:iam::aws:policy/AmazonEKSServicePolicy"
      + role       = "iam_role_eks_master"
    }

  # aws_iam_role_policy_attachment.AmazonEKSVPCResourceController will be created
  + resource "aws_iam_role_policy_attachment" "AmazonEKSVPCResourceController" {
      + id         = (known after apply)
      + policy_arn = "arn:aws:iam::aws:policy/AmazonEKSVPCResourceController"
      + role       = "iam_role_eks_master"
    }

  # aws_iam_role_policy_attachment.AmazonEKSWorkerNodePolicy will be created
  + resource "aws_iam_role_policy_attachment" "AmazonEKSWorkerNodePolicy" {
      + id         = (known after apply)
      + policy_arn = "arn:aws:iam::aws:policy/AmazonEKSWorkerNodePolicy"
      + role       = "ed-eks-worker"
    }

  # aws_iam_role_policy_attachment.AmazonEKS_CNI_Policy will be created
  + resource "aws_iam_role_policy_attachment" "AmazonEKS_CNI_Policy" {
      + id         = (known after apply)
      + policy_arn = "arn:aws:iam::aws:policy/AmazonEKS_CNI_Policy"
      + role       = "ed-eks-worker"
    }

  # aws_iam_role_policy_attachment.AmazonSSMManagedInstanceCore will be created
  + resource "aws_iam_role_policy_attachment" "AmazonSSMManagedInstanceCore" {
      + id         = (known after apply)
      + policy_arn = "arn:aws:iam::aws:policy/AmazonSSMManagedInstanceCore"
      + role       = "ed-eks-worker"
    }

  # aws_internet_gateway.igw will be created
  + resource "aws_internet_gateway" "igw" {
      + arn      = (known after apply)
      + id       = (known after apply)
      + owner_id = (known after apply)
      + tags     = {
          + "Name" = "my_igw"
        }
      + tags_all = {
          + "Name" = "my_igw"
        }
      + vpc_id   = (known after apply)
    }

  # aws_route_table.rtb will be created
  + resource "aws_route_table" "rtb" {
      + arn              = (known after apply)
      + id               = (known after apply)
      + owner_id         = (known after apply)
      + propagating_vgws = (known after apply)
      + route            = [
          + {
              + cidr_block                 = "0.0.0.0/0"
              + gateway_id                 = (known after apply)
                # (11 unchanged attributes hidden)
            },
        ]
      + tags             = {
          + "Name" = "MyRoute"
        }
      + tags_all         = {
          + "Name" = "MyRoute"
        }
      + vpc_id           = (known after apply)
    }

  # aws_route_table_association.rt_ass1 will be created
  + resource "aws_route_table_association" "rt_ass1" {
      + id             = (known after apply)
      + route_table_id = (known after apply)
      + subnet_id      = (known after apply)
    }

  # aws_route_table_association.rt_ass2 will be created
  + resource "aws_route_table_association" "rt_ass2" {
      + id             = (known after apply)
      + route_table_id = (known after apply)
      + subnet_id      = (known after apply)
    }

  # aws_security_group.allow_ssh will be created
  + resource "aws_security_group" "allow_ssh" {
      + arn                    = (known after apply)
      + description            = "Managed by Terraform"
      + egress                 = [
          + {
              + cidr_blocks      = [
                  + "0.0.0.0/0",
                ]
              + from_port        = 0
              + ipv6_cidr_blocks = []
              + prefix_list_ids  = []
              + protocol         = "-1"
              + security_groups  = []
              + self             = false
              + to_port          = 0
                # (1 unchanged attribute hidden)
            },
        ]
      + id                     = (known after apply)
      + ingress                = [
          + {
              + cidr_blocks      = [
                  + "0.0.0.0/0",
                ]
              + description      = "allow_ssh"
              + from_port        = 22
              + ipv6_cidr_blocks = []
              + prefix_list_ids  = []
              + protocol         = "tcp"
              + security_groups  = []
              + self             = false
              + to_port          = 22
            },
        ]
      + name                   = "allow_ssh"
      + name_prefix            = (known after apply)
      + owner_id               = (known after apply)
      + revoke_rules_on_delete = false
      + tags                   = {
          + "Name" = "allow_ssh"
        }
      + tags_all               = {
          + "Name" = "allow_ssh"
        }
      + vpc_id                 = (known after apply)
    }

  # aws_subnet.public_sub1 will be created
  + resource "aws_subnet" "public_sub1" {
      + arn                                            = (known after apply)
      + assign_ipv6_address_on_creation                = false
      + availability_zone                              = "us-east-1a"
      + availability_zone_id                           = (known after apply)
      + cidr_block                                     = "10.0.1.0/24"
      + enable_dns64                                   = false
      + enable_resource_name_dns_a_record_on_launch    = false
      + enable_resource_name_dns_aaaa_record_on_launch = false
      + id                                             = (known after apply)
      + ipv6_cidr_block_association_id                 = (known after apply)
      + ipv6_native                                    = false
      + map_public_ip_on_launch                        = true
      + owner_id                                       = (known after apply)
      + private_dns_hostname_type_on_launch            = (known after apply)
      + tags                                           = {
          + "Name" = "public_sub1"
        }
      + tags_all                                       = {
          + "Name" = "public_sub1"
        }
      + vpc_id                                         = (known after apply)
    }

  # aws_subnet.public_sub2 will be created
  + resource "aws_subnet" "public_sub2" {
      + arn                                            = (known after apply)
      + assign_ipv6_address_on_creation                = false
      + availability_zone                              = "us-east-1b"
      + availability_zone_id                           = (known after apply)
      + cidr_block                                     = "10.0.2.0/24"
      + enable_dns64                                   = false
      + enable_resource_name_dns_a_record_on_launch    = false
      + enable_resource_name_dns_aaaa_record_on_launch = false
      + id                                             = (known after apply)
      + ipv6_cidr_block_association_id                 = (known after apply)
      + ipv6_native                                    = false
      + map_public_ip_on_launch                        = true
      + owner_id                                       = (known after apply)
      + private_dns_hostname_type_on_launch            = (known after apply)
      + tags                                           = {
          + "Name" = "public_sub2"
        }
      + tags_all                                       = {
          + "Name" = "public_sub2"
        }
      + vpc_id                                         = (known after apply)
    }

  # aws_vpc.my_vpc will be created
  + resource "aws_vpc" "my_vpc" {
      + arn                                  = (known after apply)
      + cidr_block                           = "10.0.0.0/16"
      + default_network_acl_id               = (known after apply)
      + default_route_table_id               = (known after apply)
      + default_security_group_id            = (known after apply)
      + dhcp_options_id                      = (known after apply)
      + enable_dns_hostnames                 = true
      + enable_dns_support                   = true
      + enable_network_address_usage_metrics = (known after apply)
      + id                                   = (known after apply)
      + instance_tenancy                     = "default"
      + ipv6_association_id                  = (known after apply)
      + ipv6_cidr_block                      = (known after apply)
      + ipv6_cidr_block_network_border_group = (known after apply)
      + main_route_table_id                  = (known after apply)
      + owner_id                             = (known after apply)
      + tags                                 = {
          + "Name" = "My VPC"
        }
      + tags_all                             = {
          + "Name" = "My VPC"
        }
    }

Plan: 22 to add, 0 to change, 0 to destroy.

Changes to Outputs:
  + ecr_repository_url = (known after apply)
