{"format_version":"1.2","terraform_version":"1.13.5","variables":{"airflow_version":{"value":"2.9.2"},"aws_region":{"value":"us-east-1"},"lambda_log_level":{"value":"INFO"},"lambda_memory_mb":{"value":256},"lambda_timeout_seconds":{"value":30},"mwaa_environment_class":{"value":"mw1.small"},"mwaa_environment_name":{"value":"trigger-mwaa"},"mwaa_max_workers":{"value":2},"mwaa_min_workers":{"value":1},"mwaa_requirements_txt":{"value":"apache-airflow==2.9.3\nboto3==1.34.2\n"},"mwaa_startup_script":{"value":""},"mwaa_webserver_access_mode":{"value":"PUBLIC_ONLY"},"private_subnet_cidrs":{"value":["10.0.0.0/20","10.0.16.0/20"]},"project_name":{"value":"trigger-mwaa-dag"},"public_subnet_cidrs":{"value":["10.0.128.0/20","10.0.144.0/20"]},"s3_trigger_prefix":{"value":""},"s3_trigger_suffix":{"value":"input.json"},"tags":{"value":{}},"vpc_cidr":{"value":"10.0.0.0/16"}},"planned_values":{"outputs":{"input_bucket_id":{"sensitive":false},"lambda_function_name":{"sensitive":false,"type":"string","value":"trigger-mwaa-dag-trigger-dag"},"mwaa_environment_arn":{"sensitive":false},"mwaa_source_bucket":{"sensitive":false},"mwaa_webserver_url":{"sensitive":false}},"root_module":{"resources":[{"address":"aws_cloudwatch_log_group.lambda","mode":"managed","type":"aws_cloudwatch_log_group","name":"lambda","provider_name":"registry.terraform.io/hashicorp/aws","schema_version":0,"values":{"kms_key_id":null,"name":"/aws/lambda/trigger-mwaa-dag-trigger-dag","region":"us-east-1","retention_in_days":14,"skip_destroy":false,"tags":null,"tags_all":{"ManagedBy":"terraform","Project":"trigger-mwaa-dag"}},"sensitive_values":{"tags_all":{}},"identity_schema_version":0,"identity":{"account_id":null,"name":null,"region":null}},{"address":"aws_eip.nat[\"0\"]","mode":"managed","type":"aws_eip","name":"nat","index":"0","provider_name":"registry.terraform.io/hashicorp/aws","schema_version":0,"values":{"address":null,"associate_with_private_ip":null,"customer_owned_ipv4_pool":null,"domain":"vpc","region":"us-east-1","tags":{"Name":"trigger-mwaa-dag-nat-eip-0"},"tags_all":{"ManagedBy":"terraform","Name":"trigger-mwaa-dag-nat-eip-0","Project":"trigger-mwaa-dag"},"timeouts":null},"sensitive_values":{"tags":{},"tags_all":{}}},{"address":"aws_eip.nat[\"1\"]","mode":"managed","type":"aws_eip","name":"nat","index":"1","provider_name":"registry.terraform.io/hashicorp/aws","schema_version":0,"values":{"address":null,"associate_with_private_ip":null,"customer_owned_ipv4_pool":null,"domain":"vpc","region":"us-east-1","tags":{"Name":"trigger-mwaa-dag-nat-eip-1"},"tags_all":{"ManagedBy":"terraform","Name":"trigger-mwaa-dag-nat-eip-1","Project":"trigger-mwaa-dag"},"timeouts":null},"sensitive_values":{"tags":{},"tags_all":{}}},{"address":"aws_iam_role.lambda","mode":"managed","type":"aws_iam_role","name":"lambda","provider_name":"registry.terraform.io/hashicorp/aws","schema_version":0,"values":{"assume_role_policy":"{\"Statement\":[{\"Action\":\"sts:AssumeRole\",\"Effect\":\"Allow\",\"Principal\":{\"Service\":\"lambda.amazonaws.com\"}}],\"Version\":\"2012-10-17\"}","description":null,"force_detach_policies":false,"max_session_duration":3600,"name":"trigger-mwaa-dag-lambda-role","path":"/","permissions_boundary":null,"tags":null,"tags_all":{"ManagedBy":"terraform","Project":"trigger-mwaa-dag"}},"sensitive_values":{"inline_policy":[],"managed_policy_arns":[],"tags_all":{}},"identity_schema_version":0,"identity":{"account_id":null,"name":null}},{"address":"aws_iam_role.mwaa","mode":"managed","type":"aws_iam_role","name":"mwaa","provider_name":"registry.terraform.io/hashicorp/aws","schema_version":0,"values":{"assume_role_policy":"{\"Statement\":[{\"Action\":\"sts:AssumeRole\",\"Effect\":\"Allow\",\"Principal\":{\"Service\":[\"airflow.amazonaws.com\",\"airflow-env.amazonaws.com\"]}}],\"Version\":\"2012-10-17\"}","description":null,"force_detach_policies":false,"max_session_duration":3600,"name":"trigger-mwaa-dag-mwaa-exec-role","path":"/","permissions_boundary":null,"tags":null,"tags_all":{"ManagedBy":"terraform","Project":"trigger-mwaa-dag"}},"sensitive_values":{"inline_policy":[],"managed_policy_arns":[],"tags_all":{}},"identity_schema_version":0,"identity":{"account_id":null,"name":null}},{"address":"aws_iam_role_policy.lambda_inline","mode":"managed","type":"aws_iam_role_policy","name":"lambda_inline","provider_name":"registry.terraform.io/hashicorp/aws","schema_version":0,"values":{"name":"trigger-mwaa-dag-lambda-inline"},"sensitive_values":{},"identity_schema_version":0,"identity":{"account_id":null,"name":null,"role":null}},{"address":"aws_iam_role_policy.mwaa_inline","mode":"managed","type":"aws_iam_role_policy","name":"mwaa_inline","provider_name":"registry.terraform.io/hashicorp/aws","schema_version":0,"values":{"name":"trigger-mwaa-dag-mwaa-inline"},"sensitive_values":{},"identity_schema_version":0,"identity":{"account_id":null,"name":null,"role":null}},{"address":"aws_iam_role_policy_attachment.lambda_basic","mode":"managed","type":"aws_iam_role_policy_attachment","name":"lambda_basic","provider_name":"registry.terraform.io/hashicorp/aws","schema_version":0,"values":{"policy_arn":"arn:aws:iam::aws:policy/service-role/AWSLambdaBasicExecutionRole","role":"trigger-mwaa-dag-lambda-role"},"sensitive_values":{},"identity_schema_version":0,"identity":{"account_id":null,"policy_arn":null,"role":null}},{"address":"aws_internet_gateway.this","mode":"managed","type":"aws_internet_gateway","name":"this","provider_name":"registry.terraform.io/hashicorp/aws","schema_version":0,"values":{"region":"us-east-1","tags":{"Name":"trigger-mwaa-dag-igw"},"tags_all":{"ManagedBy":"terraform","Name":"trigger-mwaa-dag-igw","Project":"trigger-mwaa-dag"},"timeouts":null},"sensitive_values":{"tags":{},"tags_all":{}}},{"address":"aws_lambda_function.trigger_dag","mode":"managed","type":"aws_lambda_function","name":"trigger_dag","provider_name":"registry.terraform.io/hashicorp/aws","schema_version":0,"values":{"capacity_provider_config":[],"code_signing_config_arn":null,"dead_letter_config":[],"description":null,"durable_config":[],"environment":[{"variables":{"LOG_LEVEL":"INFO","MWAA_ENV_NAME":"trigger-mwaa"}}],"file_system_config":[],"filename":"./builds/trigger-dag.zip","function_name":"trigger-mwaa-dag-trigger-dag","handler":"index.lambda_handler","image_config":[],"image_uri":null,"kms_key_arn":null,"layers":null,"memory_size":256,"package_type":"Zip","publish":false,"publish_to":null,"region":"us-east-1","replace_security_groups_on_destroy":null,"replacement_security_group_ids":null,"reserved_concurrent_executions":-1,"runtime":"python3.12","s3_bucket":null,"s3_key":null,"s3_object_version":null,"skip_destroy":false,"snap_start":[],"source_code_hash":"WHOtxajqix/LMJG4ouJtKbXaI8+jvqX1buzh80CsFo8=","source_kms_key_arn":null,"tags":null,"tags_all":{"ManagedBy":"terraform","Project":"trigger-mwaa-dag"},"tenancy_config":[],"timeout":30,"timeouts":null,"vpc_config":[]},"sensitive_values":{"architectures":[],"capacity_provider_config":[],"dead_letter_config":[],"durable_config":[],"environment":[{"variables":{}}],"ephemeral_storage":[],"file_system_config":[],"image_config":[],"logging_config":[],"snap_start":[],"tags_all":{},"tenancy_config":[],"tracing_config":[],"vpc_config":[]},"identity_schema_version":0,"identity":{"account_id":null,"function_name":null,"region":null}},{"address":"aws_lambda_permission.allow_s3","mode":"managed","type":"aws_lambda_permission","name":"allow_s3","provider_name":"registry.terraform.io/hashicorp/aws","schema_version":0,"values":{"action":"lambda:InvokeFunction","event_source_token":null,"function_name":"trigger-mwaa-dag-trigger-dag","function_url_auth_type":null,"invoked_via_function_url":null,"principal":"s3.amazonaws.com","principal_org_id":null,"qualifier":null,"region":"us-east-1","source_account":null,"statement_id":"AllowExecutionFromS3"},"sensitive_values":{},"identity_schema_version":0,"identity":{"account_id":null,"function_name":null,"qualifier":null,"region":null,"statement_id":null}},{"address":"aws_mwaa_environment.this","mode":"managed","type":"aws_mwaa_environment","name":"this","provider_name":"registry.terraform.io/hashicorp/aws","schema_version":0,"values":{"airflow_configuration_options":null,"airflow_version":"2.9.2","dag_s3_path":"dags","environment_class":"mw1.small","kms_key":null,"logging_configuration":[{"dag_processing_logs":[{"enabled":true,"log_level":"INFO"}],"scheduler_logs":[{"enabled":true,"log_level":"INFO"}],"task_logs":[{"enabled":true,"log_level":"INFO"}],"webserver_logs":[{"enabled":true,"log_level":"INFO"}],"worker_logs":[{"enabled":true,"log_level":"INFO"}]}],"max_workers":2,"min_workers":1,"name":"trigger-mwaa","network_configuration":[{}],"plugins_s3_path":null,"region":"us-east-1","requirements_s3_path":"requirements/requirements.txt","startup_script_s3_path":null,"tags":{"Name":"trigger-mwaa"},"tags_all":{"ManagedBy":"terraform","Name":"trigger-mwaa","Project":"trigger-mwaa-dag"},"timeouts":null,"webserver_access_mode":"PUBLIC_ONLY"},"sensitive_values":{"airflow_configuration_options":true,"last_updated":[],"logging_configuration":[{"dag_processing_logs":[{}],"scheduler_logs":[{}],"task_logs":[{}],"webserver_logs":[{}],"worker_logs":[{}]}],"network_configuration":[{"security_group_ids":[],"subnet_ids":[]}],"tags":{},"tags_all":{}}},{"address":"aws_nat_gateway.this[\"0\"]","mode":"managed","type":"aws_nat_gateway","name":"this","index":"0","provider_name":"registry.terraform.io/hashicorp/aws","schema_version":0,"values":{"availability_zone_address":[],"connectivity_type":"public","region":"us-east-1","tags":{"Name":"trigger-mwaa-dag-nat-0"},"tags_all":{"ManagedBy":"terraform","Name":"trigger-mwaa-dag-nat-0","Project":"trigger-mwaa-dag"},"timeouts":null},"sensitive_values":{"availability_zone_address":[],"regional_nat_gateway_address":[],"secondary_allocation_ids":[],"secondary_private_ip_addresses":[],"tags":{},"tags_all":{}}},{"address":"aws_nat_gateway.this[\"1\"]","mode":"managed","type":"aws_nat_gateway","name":"this","index":"1","provider_name":"registry.terraform.io/hashicorp/aws","schema_version":0,"values":{"availability_zone_address":[],"connectivity_type":"public","region":"us-east-1","tags":{"Name":"trigger-mwaa-dag-nat-1"},"tags_all":{"ManagedBy":"terraform","Name":"trigger-mwaa-dag-nat-1","Project":"trigger-mwaa-dag"},"timeouts":null},"sensitive_values":{"availability_zone_address":[],"regional_nat_gateway_address":[],"secondary_allocation_ids":[],"secondary_private_ip_addresses":[],"tags":{},"tags_all":{}}},{"address":"aws_route.private_nat[\"0\"]","mode":"managed","type":"aws_route","name":"private_nat","index":"0","provider_name":"registry.terraform.io/hashicorp/aws","schema_version":0,"values":{"carrier_gateway_id":null,"core_network_arn":null,"destination_cidr_block":"0.0.0.0/0","destination_ipv6_cidr_block":null,"destination_prefix_list_id":null,"egress_only_gateway_id":null,"gateway_id":null,"local_gateway_id":null,"region":"us-east-1","timeouts":null,"transit_gateway_id":null,"vpc_endpoint_id":null,"vpc_peering_connection_id":null},"sensitive_values":{},"identity_schema_version":0,"identity":{"account_id":null,"destination_cidr_block":null,"destination_ipv6_cidr_block":null,"destination_prefix_list_id":null,"region":null,"route_table_id":null}},{"address":"aws_route.private_nat[\"1\"]","mode":"managed","type":"aws_route","name":"private_nat","index":"1","provider_name":"registry.terraform.io/hashicorp/aws","schema_version":0,"values":{"carrier_gateway_id":null,"core_network_arn":null,"destination_cidr_block":"0.0.0.0/0","destination_ipv6_cidr_block":null,"destination_prefix_list_id":null,"egress_only_gateway_id":null,"gateway_id":null,"local_gateway_id":null,"region":"us-east-1","timeouts":null,"transit_gateway_id":null,"vpc_endpoint_id":null,"vpc_peering_connection_id":null},"sensitive_values":{},"identity_schema_version":0,"identity":{"account_id":null,"destination_cidr_block":null,"destination_ipv6_cidr_block":null,"destination_prefix_list_id":null,"region":null,"route_table_id":null}},{"address":"aws_route.public_internet","mode":"managed","type":"aws_route","name":"public_internet","provider_name":"registry.terraform.io/hashicorp/aws","schema_version":0,"values":{"carrier_gateway_id":null,"core_network_arn":null,"destination_cidr_block":"0.0.0.0/0","destination_ipv6_cidr_block":null,"destination_prefix_list_id":null,"egress_only_gateway_id":null,"local_gateway_id":null,"nat_gateway_id":null,"region":"us-east-1","timeouts":null,"transit_gateway_id":null,"vpc_endpoint_id":null,"vpc_peering_connection_id":null},"sensitive_values":{},"identity_schema_version":0,"identity":{"account_id":null,"destination_cidr_block":null,"destination_ipv6_cidr_block":null,"destination_prefix_list_id":null,"region":null,"route_table_id":null}},{"address":"aws_route_table.private[\"0\"]","mode":"managed","type":"aws_route_table","name":"private","index":"0","provider_name":"registry.terraform.io/hashicorp/aws","schema_version":0,"values":{"region":"us-east-1","tags":{"Name":"trigger-mwaa-dag-private-rt-0"},"tags_all":{"ManagedBy":"terraform","Name":"trigger-mwaa-dag-private-rt-0","Project":"trigger-mwaa-dag"},"timeouts":null},"sensitive_values":{"propagating_vgws":[],"route":[],"tags":{},"tags_all":{}},"identity_schema_version":0,"identity":{"account_id":null,"id":null,"region":null}},{"address":"aws_route_table.private[\"1\"]","mode":"managed","type":"aws_route_table","name":"private","index":"1","provider_name":"registry.terraform.io/hashicorp/aws","schema_version":0,"values":{"region":"us-east-1","tags":{"Name":"trigger-mwaa-dag-private-rt-1"},"tags_all":{"ManagedBy":"terraform","Name":"trigger-mwaa-dag-private-rt-1","Project":"trigger-mwaa-dag"},"timeouts":null},"sensitive_values":{"propagating_vgws":[],"route":[],"tags":{},"tags_all":{}},"identity_schema_version":0,"identity":{"account_id":null,"id":null,"region":null}},{"address":"aws_route_table.public","mode":"managed","type":"aws_route_table","name":"public","provider_name":"registry.terraform.io/hashicorp/aws","schema_version":0,"values":{"region":"us-east-1","tags":{"Name":"trigger-mwaa-dag-public-rt"},"tags_all":{"ManagedBy":"terraform","Name":"trigger-mwaa-dag-public-rt","Project":"trigger-mwaa-dag"},"timeouts":null},"sensitive_values":{"propagating_vgws":[],"route":[],"tags":{},"tags_all":{}},"identity_schema_version":0,"identity":{"account_id":null,"id":null,"region":null}},{"address":"aws_route_table_association.private[\"0\"]","mode":"managed","type":"aws_route_table_association","name":"private","index":"0","provider_name":"registry.terraform.io/hashicorp/aws","schema_version":0,"values":{"gateway_id":null,"region":"us-east-1","timeouts":null},"sensitive_values":{}},{"address":"aws_route_table_association.private[\"1\"]","mode":"managed","type":"aws_route_table_association","name":"private","index":"1","provider_name":"registry.terraform.io/hashicorp/aws","schema_version":0,"values":{"gateway_id":null,"region":"us-east-1","timeouts":null},"sensitive_values":{}},{"address":"aws_route_table_association.public[\"0\"]","mode":"managed","type":"aws_route_table_association","name":"public","index":"0","provider_name":"registry.terraform.io/hashicorp/aws","schema_version":0,"values":{"gateway_id":null,"region":"us-east-1","timeouts":null},"sensitive_values":{}},{"address":"aws_route_table_association.public[\"1\"]","mode":"managed","type":"aws_route_table_association","name":"public","index":"1","provider_name":"registry.terraform.io/hashicorp/aws","schema_version":0,"values":{"gateway_id":null,"region":"us-east-1","timeouts":null},"sensitive_values":{}},{"address":"aws_s3_bucket.input","mode":"managed","type":"aws_s3_bucket","name":"input","provider_name":"registry.terraform.io/hashicorp/aws","schema_version":0,"values":{"bucket":"input-us-east-1-000000000000","force_destroy":true,"region":"us-east-1","tags":{"Name":"input-us-east-1-000000000000"},"tags_all":{"ManagedBy":"terraform","Name":"input-us-east-1-000000000000","Project":"trigger-mwaa-dag"},"timeouts":null},"sensitive_values":{"cors_rule":[],"grant":[],"lifecycle_rule":[],"logging":[],"object_lock_configuration":[],"replication_configuration":[],"server_side_encryption_configuration":[],"tags":{},"tags_all":{},"versioning":[],"website":[]},"identity_schema_version":0,"identity":{"account_id":null,"bucket":null,"region":null}},{"address":"aws_s3_bucket.mwaa","mode":"managed","type":"aws_s3_bucket","name":"mwaa","provider_name":"registry.terraform.io/hashicorp/aws","schema_version":0,"values":{"bucket":"mwaa-us-east-1-000000000000","force_destroy":true,"region":"us-east-1","tags":{"Name":"mwaa-us-east-1-000000000000"},"tags_all":{"ManagedBy":"terraform","Name":"mwaa-us-east-1-000000000000","Project":"trigger-mwaa-dag"},"timeouts":null},"sensitive_values":{"cors_rule":[],"grant":[],"lifecycle_rule":[],"logging":[],"object_lock_configuration":[],"replication_configuration":[],"server_side_encryption_configuration":[],"tags":{},"tags_all":{},"versioning":[],"website":[]},"identity_schema_version":0,"identity":{"account_id":null,"bucket":null,"region":null}},{"address":"aws_s3_bucket_notification.input","mode":"managed","type":"aws_s3_bucket_notification","name":"input","provider_name":"registry.terraform.io/hashicorp/aws","schema_version":0,"values":{"eventbridge":false,"lambda_function":[{"events":["s3:ObjectCreated:*"],"filter_prefix":null,"filter_suffix":"input.json"}],"queue":[],"region":"us-east-1","topic":[]},"sensitive_values":{"lambda_function":[{"events":[false]}],"queue":[],"topic":[]},"identity_schema_version":0,"identity":{"account_id":null,"bucket":null,"region":null}},{"address":"aws_s3_bucket_policy.input_tls","mode":"managed","type":"aws_s3_bucket_policy","name":"input_tls","provider_name":"registry.terraform.io/hashicorp/aws","schema_version":0,"values":{"region":"us-east-1"},"sensitive_values":{},"identity_schema_version":0,"identity":{"account_id":null,"bucket":null,"region":null}},{"address":"aws_s3_bucket_policy.mwaa_tls","mode":"managed","type":"aws_s3_bucket_policy","name":"mwaa_tls","provider_name":"registry.terraform.io/hashicorp/aws","schema_version":0,"values":{"region":"us-east-1"},"sensitive_values":{},"identity_schema_version":0,"identity":{"account_id":null,"bucket":null,"region":null}},{"address":"aws_s3_bucket_public_access_block.input","mode":"managed","type":"aws_s3_bucket_public_access_block","name":"input","provider_name":"registry.terraform.io/hashicorp/aws","schema_version":0,"values":{"block_public_acls":true,"block_public_policy":true,"ignore_public_acls":true,"region":"us-east-1","restrict_public_buckets":true,"skip_destroy":null},"sensitive_values":{},"identity_schema_version":0,"identity":{"account_id":null,"bucket":null,"region":null}},{"address":"aws_s3_bucket_public_access_block.mwaa","mode":"managed","type":"aws_s3_bucket_public_access_block","name":"mwaa","provider_name":"registry.terraform.io/hashicorp/aws","schema_version":0,"values":{"block_public_acls":true,"block_public_policy":true,"ignore_public_acls":true,"region":"us-east-1","restrict_public_buckets":true,"skip_destroy":null},"sensitive_values":{},"identity_schema_version":0,"identity":{"account_id":null,"bucket":null,"region":null}},{"address":"aws_s3_bucket_server_side_encryption_configuration.input","mode":"managed","type":"aws_s3_bucket_server_side_encryption_configuration","name":"input","provider_name":"registry.terraform.io/hashicorp/aws","schema_version":0,"values":{"expected_bucket_owner":null,"region":"us-east-1","rule":[{"apply_server_side_encryption_by_default":[{"kms_master_key_id":"","sse_algorithm":"AES256"}],"blocked_encryption_types":[],"bucket_key_enabled":null}]},"sensitive_values":{"rule":[{"apply_server_side_encryption_by_default":[{}],"blocked_encryption_types":[]}]},"identity_schema_version":0,"identity":{"account_id":null,"bucket":null,"expected_bucket_owner":null,"region":null}},{"address":"aws_s3_bucket_server_side_encryption_configuration.mwaa","mode":"managed","type":"aws_s3_bucket_server_side_encryption_configuration","name":"mwaa","provider_name":"registry.terraform.io/hashicorp/aws","schema_version":0,"values":{"expected_bucket_owner":null,"region":"us-east-1","rule":[{"apply_server_side_encryption_by_default":[{"kms_master_key_id":"","sse_algorithm":"AES256"}],"blocked_encryption_types":[],"bucket_key_enabled":null}]},"sensitive_values":{"rule":[{"apply_server_side_encryption_by_default":[{}],"blocked_encryption_types":[]}]},"identity_schema_version":0,"identity":{"account_id":null,"bucket":null,"expected_bucket_owner":null,"region":null}},{"address":"aws_s3_bucket_versioning.input","mode":"managed","type":"aws_s3_bucket_versioning","name":"input","provider_name":"registry.terraform.io/hashicorp/aws","schema_version":0,"values":{"expected_bucket_owner":null,"mfa":null,"region":"us-east-1","versioning_configuration":[{"status":"Enabled"}]},"sensitive_values":{"versioning_configuration":[{}]},"identity_schema_version":0,"identity":{"account_id":null,"bucket":null,"expected_bucket_owner":null,"region":null}},{"address":"aws_s3_bucket_versioning.mwaa","mode":"managed","type":"aws_s3_bucket_versioning","name":"mwaa","provider_name":"registry.terraform.io/hashicorp/aws","schema_version":0,"values":{"expected_bucket_owner":null,"mfa":null,"region":"us-east-1","versioning_configuration":[{"status":"Enabled"}]},"sensitive_values":{"versioning_configuration":[{}]},"identity_schema_version":0,"identity":{"account_id":null,"bucket":null,"expected_bucket_owner":null,"region":null}},{"address":"aws_s3_object.dag","mode":"managed","type":"aws_s3_object","name":"dag","provider_name":"registry.terraform.io/hashicorp/aws","schema_version":0,"values":{"cache_control":null,"checksum_algorithm":null,"content":null,"content_base64":null,"content_disposition":null,"content_encoding":null,"content_language":null,"content_type":"text/x-python","etag":"6676b0f4d15b5e5d303ec192c4579e67","force_destroy":false,"key":"dags/hello-world-dag.py","metadata":null,"object_lock_legal_hold_status":null,"object_lock_mode":null,"object_lock_retain_until_date":null,"override_provider":[],"region":"us-east-1","source":"./../infra/src/dags/hello-world-dag.py","source_hash":null,"tags":null,"tags_all":{"ManagedBy":"terraform","Project":"trigger-mwaa-dag"},"website_redirect":null},"sensitive_values":{"override_provider":[],"tags_all":{}},"identity_schema_version":0,"identity":{"account_id":null,"bucket":null,"key":null,"region":null}},{"address":"aws_s3_object.requirements","mode":"managed","type":"aws_s3_object","name":"requirements","provider_name":"registry.terraform.io/hashicorp/aws","schema_version":0,"values":{"cache_control":null,"checksum_algorithm":null,"content":"apache-airflow==2.9.3\nboto3==1.34.2\n","content_base64":null,"content_disposition":null,"content_encoding":null,"content_language":null,"content_type":"text/plain","etag":"1de03ffc5d49637df3f822349425259c","force_destroy":false,"key":"requirements/requirements.txt","metadata":null,"object_lock_legal_hold_status":null,"object_lock_mode":null,"object_lock_retain_until_date":null,"override_provider":[],"region":"us-east-1","source":null,"source_hash":null,"tags":null,"tags_all":{"ManagedBy":"terraform","Project":"trigger-mwaa-dag"},"website_redirect":null},"sensitive_values":{"override_provider":[],"tags_all":{}},"identity_schema_version":0,"identity":{"account_id":null,"bucket":null,"key":null,"region":null}},{"address":"aws_security_group.mwaa","mode":"managed","type":"aws_security_group","name":"mwaa","provider_name":"registry.terraform.io/hashicorp/aws","schema_version":1,"values":{"description":"Security group for MWAA environment","egress":[{"cidr_blocks":["0.0.0.0/0"],"description":"","from_port":0,"ipv6_cidr_blocks":[],"prefix_list_ids":[],"protocol":"-1","security_groups":[],"self":false,"to_port":0}],"name":"trigger-mwaa-dag-mwaa-sg","region":"us-east-1","revoke_rules_on_delete":false,"tags":{"Name":"trigger-mwaa-dag-mwaa-sg"},"tags_all":{"ManagedBy":"terraform","Name":"trigger-mwaa-dag-mwaa-sg","Project":"trigger-mwaa-dag"},"timeouts":null},"sensitive_values":{"egress":[{"cidr_blocks":[false],"ipv6_cidr_blocks":[],"prefix_list_ids":[],"security_groups":[]}],"ingress":[],"tags":{},"tags_all":{}},"identity_schema_version":0,"identity":{"account_id":null,"id":null,"region":null}},{"address":"aws_subnet.private[\"0\"]","mode":"managed","type":"aws_subnet","name":"private","index":"0","provider_name":"registry.terraform.io/hashicorp/aws","schema_version":1,"values":{"assign_ipv6_address_on_creation":false,"availability_zone":"us-east-1a","cidr_block":"10.0.0.0/20","customer_owned_ipv4_pool":null,"enable_dns64":false,"enable_lni_at_device_index":null,"enable_resource_name_dns_a_record_on_launch":false,"enable_resource_name_dns_aaaa_record_on_launch":false,"ipv6_cidr_block":null,"ipv6_native":false,"map_customer_owned_ip_on_launch":null,"map_public_ip_on_launch":false,"outpost_arn":null,"region":"us-east-1","tags":{"Name":"trigger-mwaa-dag-private-0","Tier":"private"},"tags_all":{"ManagedBy":"terraform","Name":"trigger-mwaa-dag-private-0","Project":"trigger-mwaa-dag","Tier":"private"},"timeouts":null},"sensitive_values":{"tags":{},"tags_all":{}},"identity_schema_version":0,"identity":{"account_id":null,"id":null,"region":null}},{"address":"aws_subnet.private[\"1\"]","mode":"managed","type":"aws_subnet","name":"private","index":"1","provider_name":"registry.terraform.io/hashicorp/aws","schema_version":1,"values":{"assign_ipv6_address_on_creation":false,"availability_zone":"us-east-1b","cidr_block":"10.0.16.0/20","customer_owned_ipv4_pool":null,"enable_dns64":false,"enable_lni_at_device_index":null,"enable_resource_name_dns_a_record_on_launch":false,"enable_resource_name_dns_aaaa_record_on_launch":false,"ipv6_cidr_block":null,"ipv6_native":false,"map_customer_owned_ip_on_launch":null,"map_public_ip_on_launch":false,"outpost_arn":null,"region":"us-east-1","tags":{"Name":"trigger-mwaa-dag-private-1","Tier":"private"},"tags_all":{"ManagedBy":"terraform","Name":"trigger-mwaa-dag-private-1","Project":"trigger-mwaa-dag","Tier":"private"},"timeouts":null},"sensitive_values":{"tags":{},"tags_all":{}},"identity_schema_version":0,"identity":{"account_id":null,"id":null,"region":null}},{"address":"aws_subnet.public[\"0\"]","mode":"managed","type":"aws_subnet","name":"public","index":"0","provider_name":"registry.terraform.io/hashicorp/aws","schema_version":1,"values":{"assign_ipv6_address_on_creation":false,"availability_zone":"us-east-1a","cidr_block":"10.0.128.0/20","customer_owned_ipv4_pool":null,"enable_dns64":false,"enable_lni_at_device_index":null,"enable_resource_name_dns_a_record_on_launch":false,"enable_resource_name_dns_aaaa_record_on_launch":false,"ipv6_cidr_block":null,"ipv6_native":false,"map_customer_owned_ip_on_launch":null,"map_public_ip_on_launch":true,"outpost_arn":null,"region":"us-east-1","tags":{"Name":"trigger-mwaa-dag-public-0","Tier":"public"},"tags_all":{"ManagedBy":"terraform","Name":"trigger-mwaa-dag-public-0","Project":"trigger-mwaa-dag","Tier":"public"},"timeouts":null},"sensitive_values":{"tags":{},"tags_all":{}},"identity_schema_version":0,"identity":{"account_id":null,"id":null,"region":null}},{"address":"aws_subnet.public[\"1\"]","mode":"managed","type":"aws_subnet","name":"public","index":"1","provider_name":"registry.terraform.io/hashicorp/aws","schema_version":1,"values":{"assign_ipv6_address_on_creation":false,"availability_zone":"us-east-1b","cidr_block":"10.0.144.0/20","customer_owned_ipv4_pool":null,"enable_dns64":false,"enable_lni_at_device_index":null,"enable_resource_name_dns_a_record_on_launch":false,"enable_resource_name_dns_aaaa_record_on_launch":false,"ipv6_cidr_block":null,"ipv6_native":false,"map_customer_owned_ip_on_launch":null,"map_public_ip_on_launch":true,"outpost_arn":null,"region":"us-east-1","tags":{"Name":"trigger-mwaa-dag-public-1","Tier":"public"},"tags_all":{"ManagedBy":"terraform","Name":"trigger-mwaa-dag-public-1","Project":"trigger-mwaa-dag","Tier":"public"},"timeouts":null},"sensitive_values":{"tags":{},"tags_all":{}},"identity_schema_version":0,"identity":{"account_id":null,"id":null,"region":null}},{"address":"aws_vpc.this","mode":"managed","type":"aws_vpc","name":"this","provider_name":"registry.terraform.io/hashicorp/aws","schema_version":1,"values":{"assign_generated_ipv6_cidr_block":null,"cidr_block":"10.0.0.0/16","enable_dns_hostnames":true,"enable_dns_support":true,"instance_tenancy":"default","ipv4_ipam_pool_id":null,"ipv4_netmask_length":null,"ipv6_ipam_pool_id":null,"ipv6_netmask_length":null,"region":"us-east-1","tags":{"Name":"trigger-mwaa-dag-vpc"},"tags_all":{"ManagedBy":"terraform","Name":"trigger-mwaa-dag-vpc","Project":"trigger-mwaa-dag"}},"sensitive_values":{"tags":{},"tags_all":{}},"identity_schema_version":0,"identity":{"account_id":null,"id":null,"region":null}},{"address":"aws_vpc_endpoint.s3","mode":"managed","type":"aws_vpc_endpoint","name":"s3","provider_name":"registry.terraform.io/hashicorp/aws","schema_version":0,"values":{"auto_accept":null,"region":"us-east-1","resource_configuration_arn":null,"service_name":"com.amazonaws.us-east-1.s3","service_network_arn":null,"tags":{"Name":"trigger-mwaa-dag-s3-endpoint"},"tags_all":{"ManagedBy":"terraform","Name":"trigger-mwaa-dag-s3-endpoint","Project":"trigger-mwaa-dag"},"timeouts":null,"vpc_endpoint_type":"Gateway"},"sensitive_values":{"cidr_blocks":[],"dns_entry":[],"dns_options":[],"network_interface_ids":[],"route_table_ids":[],"security_group_ids":[],"subnet_configuration":[],"subnet_ids":[],"tags":{},"tags_all":{}},"identity_schema_version":0,"identity":{"account_id":null,"id":null,"region":null}},{"address":"data.aws_iam_policy_document.lambda_inline","mode":"data","type":"aws_iam_policy_document","name":"lambda_inline","provider_name":"registry.terraform.io/hashicorp/aws","schema_version":0,"values":{"override_json":null,"override_policy_documents":null,"policy_id":null,"source_json":null,"source_policy_documents":null,"statement":[{"actions":["mwaa:CreateCliToken"],"condition":[],"effect":"Allow","not_actions":null,"not_principals":[],"not_resources":null,"principals":[],"resources":[null],"sid":"MwaaCreateCliToken"},{"actions":["s3:GetObject","s3:GetObjectVersion"],"condition":[],"effect":"Allow","not_actions":null,"not_principals":[],"not_resources":null,"principals":[],"resources":[null],"sid":"ReadInputBucket"}],"version":null},"sensitive_values":{"statement":[{"actions":[false],"condition":[],"not_principals":[],"principals":[],"resources":[false]},{"actions":[false,false],"condition":[],"not_principals":[],"principals":[],"resources":[false]}]}},{"address":"data.aws_iam_policy_document.mwaa_inline","mode":"data","type":"aws_iam_policy_document","name":"mwaa_inline","provider_name":"registry.terraform.io/hashicorp/aws","schema_version":0,"values":{"override_json":null,"override_policy_documents":null,"policy_id":null,"source_json":null,"source_policy_documents":null,"statement":[{"actions":["s3:GetObject","s3:GetObjectVersion","s3:ListBucket"],"condition":[],"effect":"Allow","not_actions":null,"not_principals":[],"not_resources":null,"principals":[],"resources":[null,null],"sid":"S3ReadMwaaBucket"},{"actions":["s3:GetObject","s3:GetObjectVersion","s3:ListBucket"],"condition":[],"effect":"Allow","not_actions":null,"not_principals":[],"not_resources":null,"principals":[],"resources":[null,null],"sid":"S3ReadInputBucket"},{"actions":["logs:CreateLogGroup","logs:CreateLogStream","logs:DescribeLogFields","logs:DescribeLogGroups","logs:DescribeLogStreams","logs:DescribeQueries","logs:FilterLogEvents","logs:GetLogEvents","logs:GetLogGroupFields","logs:GetLogRecord","logs:GetQueryResults","logs:PutLogEvents"],"condition":[],"effect":"Allow","not_actions":null,"not_principals":[],"not_resources":null,"principals":[],"resources":["*"],"sid":"CloudWatchLogs"},{"actions":["cloudwatch:PutMetricData"],"condition":[],"effect":"Allow","not_actions":null,"not_principals":[],"not_resources":null,"principals":[],"resources":["*"],"sid":"CloudWatchMetrics"},{"actions":["sqs:ChangeMessageVisibility","sqs:DeleteMessage","sqs:GetQueueAttributes","sqs:GetQueueUrl","sqs:ReceiveMessage","sqs:SendMessage"],"condition":[],"effect":"Allow","not_actions":null,"not_principals":[],"not_resources":null,"principals":[],"resources":["*"],"sid":"SQSForCelery"},{"actions":["kms:DescribeKey","kms:ListAliases","kms:ListKeys"],"condition":[],"effect":"Allow","not_actions":null,"not_principals":[],"not_resources":null,"principals":[],"resources":["*"],"sid":"KMSList"}],"version":null},"sensitive_values":{"statement":[{"actions":[false,false,false],"condition":[],"not_principals":[],"principals":[],"resources":[false,false]},{"actions":[false,false,false],"condition":[],"not_principals":[],"principals":[],"resources":[false,false]},{"actions":[false,false,false,false,false,false,false,false,false,false,false,false],"condition":[],"not_principals":[],"principals":[],"resources":[false]},{"actions":[false],"condition":[],"not_principals":[],"principals":[],"resources":[false]},{"actions":[false,false,false,false,false,false],"condition":[],"not_principals":[],"principals":[],"resources":[false]},{"actions":[false,false,false],"condition":[],"not_principals":[],"principals":[],"resources":[false]}]}}]}},"resource_changes":[{"address":"data.aws_iam_policy_document.lambda_inline","mode":"data","type":"aws_iam_policy_document","name":"lambda_inline","provider_name":"registry.terraform.io/hashicorp/aws","change":{"actions":["read"],"before":null,"after":{"override_json":null,"override_policy_documents":null,"policy_id":null,"source_json":null,"source_policy_documents":null,"statement":[{"actions":["mwaa:CreateCliToken"],"condition":[],"effect":"Allow","not_actions":null,"not_principals":[],"not_resources":null,"principals":[],"resources":[null],"sid":"MwaaCreateCliToken"},{"actions":["s3:GetObject","s3:GetObjectVersion"],"condition":[],"effect":"Allow","not_actions":null,"not_principals":[],"not_resources":null,"principals":[],"resources":[null],"sid":"ReadInputBucket"}],"version":null},"after_unknown":{"id":true,"json":true,"minified_json":true,"statement":[{"actions":[false],"condition":[],"not_principals":[],"principals":[],"resources":[true]},{"actions":[false,false],"condition":[],"not_principals":[],"principals":[],"resources":[true]}]},"before_sensitive":false,"after_sensitive":{"statement":[{"actions":[false],"condition":[],"not_principals":[],"principals":[],"resources":[false]},{"actions":[false,false],"condition":[],"not_principals":[],"principals":[],"resources":[false]}]}},"action_reason":"read_because_config_unknown"},{"address":"data.aws_iam_policy_document.mwaa_inline","mode":"data","type":"aws_iam_policy_document","name":"mwaa_inline","provider_name":"registry.terraform.io/hashicorp/aws","change":{"actions":["read"],"before":null,"after":{"override_json":null,"override_policy_documents":null,"policy_id":null,"source_json":null,"source_policy_documents":null,"statement":[{"actions":["s3:GetObject","s3:GetObjectVersion","s3:ListBucket"],"condition":[],"effect":"Allow","not_actions":null,"not_principals":[],"not_resources":null,"principals":[],"resources":[null,null],"sid":"S3ReadMwaaBucket"},{"actions":["s3:GetObject","s3:GetObjectVersion","s3:ListBucket"],"condition":[],"effect":"Allow","not_actions":null,"not_principals":[],"not_resources":null,"principals":[],"resources":[null,null],"sid":"S3ReadInputBucket"},{"actions":["logs:CreateLogGroup","logs:CreateLogStream","logs:DescribeLogFields","logs:DescribeLogGroups","logs:DescribeLogStreams","logs:DescribeQueries","logs:FilterLogEvents","logs:GetLogEvents","logs:GetLogGroupFields","logs:GetLogRecord","logs:GetQueryResults","logs:PutLogEvents"],"condition":[],"effect":"Allow","not_actions":null,"not_principals":[],"not_resources":null,"principals":[],"resources":["*"],"sid":"CloudWatchLogs"},{"actions":["cloudwatch:PutMetricData"],"condition":[],"effect":"Allow","not_actions":null,"not_principals":[],"not_resources":null,"principals":[],"resources":["*"],"sid":"CloudWatchMetrics"},{"actions":["sqs:ChangeMessageVisibility","sqs:DeleteMessage","sqs:GetQueueAttributes","sqs:GetQueueUrl","sqs:ReceiveMessage","sqs:SendMessage"],"condition":[],"effect":"Allow","not_actions":null,"not_principals":[],"not_resources":null,"principals":[],"resources":["*"],"sid":"SQSForCelery"},{"actions":["kms:DescribeKey","kms:ListAliases","kms:ListKeys"],"condition":[],"effect":"Allow","not_actions":null,"not_principals":[],"not_resources":null,"principals":[],"resources":["*"],"sid":"KMSList"}],"version":null},"after_unknown":{"id":true,"json":true,"minified_json":true,"statement":[{"actions":[false,false,false],"condition":[],"not_principals":[],"principals":[],"resources":[true,true]},{"actions":[false,false,false],"condition":[],"not_principals":[],"principals":[],"resources":[true,true]},{"actions":[false,false,false,false,false,false,false,false,false,false,false,false],"condition":[],"not_principals":[],"principals":[],"resources":[false]},{"actions":[false],"condition":[],"not_principals":[],"principals":[],"resources":[false]},{"actions":[false,false,false,false,false,false],"condition":[],"not_principals":[],"principals":[],"resources":[false]},{"actions":[false,false,false],"condition":[],"not_principals":[],"principals":[],"resources":[false]}]},"before_sensitive":false,"after_sensitive":{"statement":[{"actions":[false,false,false],"condition":[],"not_principals":[],"principals":[],"resources":[false,false]},{"actions":[false,false,false],"condition":[],"not_principals":[],"principals":[],"resources":[false,false]},{"actions":[false,false,false,false,false,false,false,false,false,false,false,false],"condition":[],"not_principals":[],"principals":[],"resources":[false]},{"actions":[false],"condition":[],"not_principals":[],"principals":[],"resources":[false]},{"actions":[false,false,false,false,false,false],"condition":[],"not_principals":[],"principals":[],"resources":[false]},{"actions":[false,false,false],"condition":[],"not_principals":[],"principals":[],"resources":[false]}]}},"action_reason":"read_because_config_unknown"},{"address":"aws_cloudwatch_log_group.lambda","mode":"managed","type":"aws_cloudwatch_log_group","name":"lambda","provider_name":"registry.terraform.io/hashicorp/aws","change":{"actions":["create"],"before":null,"after":{"kms_key_id":null,"name":"/aws/lambda/trigger-mwaa-dag-trigger-dag","region":"us-east-1","retention_in_days":14,"skip_destroy":false,"tags":null,"tags_all":{"ManagedBy":"terraform","Project":"trigger-mwaa-dag"}},"after_unknown":{"arn":true,"deletion_protection_enabled":true,"id":true,"log_group_class":true,"name_prefix":true,"tags_all":{}},"before_sensitive":false,"after_sensitive":{"tags_all":{}},"after_identity":{"account_id":null,"name":null,"region":null}}},{"address":"aws_eip.nat[\"0\"]","mode":"managed","type":"aws_eip","name":"nat","index":"0","provider_name":"registry.terraform.io/hashicorp/aws","change":{"actions":["create"],"before":null,"after":{"address":null,"associate_with_private_ip":null,"customer_owned_ipv4_pool":null,"domain":"vpc","region":"us-east-1","tags":{"Name":"trigger-mwaa-dag-nat-eip-0"},"tags_all":{"ManagedBy":"terraform","Name":"trigger-mwaa-dag-nat-eip-0","Project":"trigger-mwaa-dag"},"timeouts":null},"after_unknown":{"allocation_id":true,"arn":true,"association_id":true,"carrier_ip":true,"customer_owned_ip":true,"id":true,"instance":true,"ipam_pool_id":true,"network_border_group":true,"network_interface":true,"private_dns":true,"private_ip":true,"ptr_record":true,"public_dns":true,"public_ip":true,"public_ipv4_pool":true,"tags":{},"tags_all":{}},"before_sensitive":false,"after_sensitive":{"tags":{},"tags_all":{}}}},{"address":"aws_eip.nat[\"1\"]","mode":"managed","type":"aws_eip","name":"nat","index":"1","provider_name":"registry.terraform.io/hashicorp/aws","change":{"actions":["create"],"before":null,"after":{"address":null,"associate_with_private_ip":null,"customer_owned_ipv4_pool":null,"domain":"vpc","region":"us-east-1","tags":{"Name":"trigger-mwaa-dag-nat-eip-1"},"tags_all":{"ManagedBy":"terraform","Name":"trigger-mwaa-dag-nat-eip-1","Project":"trigger-mwaa-dag"},"timeouts":null},"after_unknown":{"allocation_id":true,"arn":true,"association_id":true,"carrier_ip":true,"customer_owned_ip":true,"id":true,"instance":true,"ipam_pool_id":true,"network_border_group":true,"network_interface":true,"private_dns":true,"private_ip":true,"ptr_record":true,"public_dns":true,"public_ip":true,"public_ipv4_pool":true,"tags":{},"tags_all":{}},"before_sensitive":false,"after_sensitive":{"tags":{},"tags_all":{}}}},{"address":"aws_iam_role.lambda","mode":"managed","type":"aws_iam_role","name":"lambda","provider_name":"registry.terraform.io/hashicorp/aws","change":{"actions":["create"],"before":null,"after":{"assume_role_policy":"{\"Statement\":[{\"Action\":\"sts:AssumeRole\",\"Effect\":\"Allow\",\"Principal\":{\"Service\":\"lambda.amazonaws.com\"}}],\"Version\":\"2012-10-17\"}","description":null,"force_detach_policies":false,"max_session_duration":3600,"name":"trigger-mwaa-dag-lambda-role","path":"/","permissions_boundary":null,"tags":null,"tags_all":{"ManagedBy":"terraform","Project":"trigger-mwaa-dag"}},"after_unknown":{"arn":true,"create_date":true,"id":true,"inline_policy":true,"managed_policy_arns":true,"name_prefix":true,"tags_all":{},"unique_id":true},"before_sensitive":false,"after_sensitive":{"inline_policy":[],"managed_policy_arns":[],"tags_all":{}},"after_identity":{"account_id":null,"name":null}}},{"address":"aws_iam_role.mwaa","mode":"managed","type":"aws_iam_role","name":"mwaa","provider_name":"registry.terraform.io/hashicorp/aws","change":{"actions":["create"],"before":null,"after":{"assume_role_policy":"{\"Statement\":[{\"Action\":\"sts:AssumeRole\",\"Effect\":\"Allow\",\"Principal\":{\"Service\":[\"airflow.amazonaws.com\",\"airflow-env.amazonaws.com\"]}}],\"Version\":\"2012-10-17\"}","description":null,"force_detach_policies":false,"max_session_duration":3600,"name":"trigger-mwaa-dag-mwaa-exec-role","path":"/","permissions_boundary":null,"tags":null,"tags_all":{"ManagedBy":"terraform","Project":"trigger-mwaa-dag"}},"after_unknown":{"arn":true,"create_date":true,"id":true,"inline_policy":true,"managed_policy_arns":true,"name_prefix":true,"tags_all":{},"unique_id":true},"before_sensitive":false,"after_sensitive":{"inline_policy":[],"managed_policy_arns":[],"tags_all":{}},"after_identity":{"account_id":null,"name":null}}},{"address":"aws_iam_role_policy.lambda_inline","mode":"managed","type":"aws_iam_role_policy","name":"lambda_inline","provider_name":"registry.terraform.io/hashicorp/aws","change":{"actions":["create"],"before":null,"after":{"name":"trigger-mwaa-dag-lambda-inline"},"after_unknown":{"id":true,"name_prefix":true,"policy":true,"role":true},"before_sensitive":false,"after_sensitive":{},"after_identity":{"account_id":null,"name":null,"role":null}}},{"address":"aws_iam_role_policy.mwaa_inline","mode":"managed","type":"aws_iam_role_policy","name":"mwaa_inline","provider_name":"registry.terraform.io/hashicorp/aws","change":{"actions":["create"],"before":null,"after":{"name":"trigger-mwaa-dag-mwaa-inline"},"after_unknown":{"id":true,"name_prefix":true,"policy":true,"role":true},"before_sensitive":false,"after_sensitive":{},"after_identity":{"account_id":null,"name":null,"role":null}}},{"address":"aws_iam_role_policy_attachment.lambda_basic","mode":"managed","type":"aws_iam_role_policy_attachment","name":"lambda_basic","provider_name":"registry.terraform.io/hashicorp/aws","change":{"actions":["create"],"before":null,"after":{"policy_arn":"arn:aws:iam::aws:policy/service-role/AWSLambdaBasicExecutionRole","role":"trigger-mwaa-dag-lambda-role"},"after_unknown":{"id":true},"before_sensitive":false,"after_sensitive":{},"after_identity":{"account_id":null,"policy_arn":null,"role":null}}},{"address":"aws_internet_gateway.this","mode":"managed","type":"aws_internet_gateway","name":"this","provider_name":"registry.terraform.io/hashicorp/aws","change":{"actions":["create"],"before":null,"after":{"region":"us-east-1","tags":{"Name":"trigger-mwaa-dag-igw"},"tags_all":{"ManagedBy":"terraform","Name":"trigger-mwaa-dag-igw","Project":"trigger-mwaa-dag"},"timeouts":null},"after_unknown":{"arn":true,"id":true,"owner_id":true,"tags":{},"tags_all":{},"vpc_id":true},"before_sensitive":false,"after_sensitive":{"tags":{},"tags_all":{}}}},{"address":"aws_lambda_function.trigger_dag","mode":"managed","type":"aws_lambda_function","name":"trigger_dag","provider_name":"registry.terraform.io/hashicorp/aws","change":{"actions":["create"],"before":null,"after":{"capacity_provider_config":[],"code_signing_config_arn":null,"dead_letter_config":[],"description":null,"durable_config":[],"environment":[{"variables":{"LOG_LEVEL":"INFO","MWAA_ENV_NAME":"trigger-mwaa"}}],"file_system_config":[],"filename":"./builds/trigger-dag.zip","function_name":"trigger-mwaa-dag-trigger-dag","handler":"index.lambda_handler","image_config":[],"image_uri":null,"kms_key_arn":null,"layers":null,"memory_size":256,"package_type":"Zip","publish":false,"publish_to":null,"region":"us-east-1","replace_security_groups_on_destroy":null,"replacement_security_group_ids":null,"reserved_concurrent_executions":-1,"runtime":"python3.12","s3_bucket":null,"s3_key":null,"s3_object_version":null,"skip_destroy":false,"snap_start":[],"source_code_hash":"WHOtxajqix/LMJG4ouJtKbXaI8+jvqX1buzh80CsFo8=","source_kms_key_arn":null,"tags":null,"tags_all":{"ManagedBy":"terraform","Project":"trigger-mwaa-dag"},"tenancy_config":[],"timeout":30,"timeouts":null,"vpc_config":[]},"after_unknown":{"architectures":true,"arn":true,"capacity_provider_config":[],"code_sha256":true,"dead_letter_config":[],"durable_config":[],"environment":[{"variables":{}}],"ephemeral_storage":true,"file_system_config":[],"id":true,"image_config":[],"invoke_arn":true,"last_modified":true,"logging_config":true,"qualified_arn":true,"qualified_invoke_arn":true,"response_streaming_invoke_arn":true,"role":true,"signing_job_arn":true,"signing_profile_version_arn":true,"snap_start":[],"source_code_size":true,"tags_all":{},"tenancy_config":[],"tracing_config":true,"version":true,"vpc_config":[]},"before_sensitive":false,"after_sensitive":{"architectures":[],"capacity_provider_config":[],"dead_letter_config":[],"durable_config":[],"environment":[{"variables":{}}],"ephemeral_storage":[],"file_system_config":[],"image_config":[],"logging_config":[],"snap_start":[],"tags_all":{},"tenancy_config":[],"tracing_config":[],"vpc_config":[]},"after_identity":{"account_id":null,"function_name":null,"region":null}}},{"address":"aws_lambda_permission.allow_s3","mode":"managed","type":"aws_lambda_permission","name":"allow_s3","provider_name":"registry.terraform.io/hashicorp/aws","change":{"actions":["create"],"before":null,"after":{"action":"lambda:InvokeFunction","event_source_token":null,"function_name":"trigger-mwaa-dag-trigger-dag","function_url_auth_type":null,"invoked_via_function_url":null,"principal":"s3.amazonaws.com","principal_org_id":null,"qualifier":null,"region":"us-east-1","source_account":null,"statement_id":"AllowExecutionFromS3"},"after_unknown":{"id":true,"source_arn":true,"statement_id_prefix":true},"before_sensitive":false,"after_sensitive":{},"after_identity":{"account_id":null,"function_name":null,"qualifier":null,"region":null,"statement_id":null}}},{"address":"aws_mwaa_environment.this","mode":"managed","type":"aws_mwaa_environment","name":"this","provider_name":"registry.terraform.io/hashicorp/aws","change":{"actions":["create"],"before":null,"after":{"airflow_configuration_options":null,"airflow_version":"2.9.2","dag_s3_path":"dags","environment_class":"mw1.small","kms_key":null,"logging_configuration":[{"dag_processing_logs":[{"enabled":true,"log_level":"INFO"}],"scheduler_logs":[{"enabled":true,"log_level":"INFO"}],"task_logs":[{"enabled":true,"log_level":"INFO"}],"webserver_logs":[{"enabled":true,"log_level":"INFO"}],"worker_logs":[{"enabled":true,"log_level":"INFO"}]}],"max_workers":2,"min_workers":1,"name":"trigger-mwaa","network_configuration":[{}],"plugins_s3_path":null,"region":"us-east-1","requirements_s3_path":"requirements/requirements.txt","startup_script_s3_path":null,"tags":{"Name":"trigger-mwaa"},"tags_all":{"ManagedBy":"terraform","Name":"trigger-mwaa","Project":"trigger-mwaa-dag"},"timeouts":null,"webserver_access_mode":"PUBLIC_ONLY"},"after_unknown":{"arn":true,"created_at":true,"database_vpc_endpoint_service":true,"endpoint_management":true,"execution_role_arn":true,"id":true,"last_updated":true,"logging_configuration":[{"dag_processing_logs":[{"cloud_watch_log_group_arn":true}],"scheduler_logs":[{"cloud_watch_log_group_arn":true}],"task_logs":[{"cloud_watch_log_group_arn":true}],"webserver_logs":[{"cloud_watch_log_group_arn":true}],"worker_logs":[{"cloud_watch_log_group_arn":true}]}],"max_webservers":true,"min_webservers":true,"network_configuration":[{"security_group_ids":true,"subnet_ids":true}],"plugins_s3_object_version":true,"requirements_s3_object_version":true,"schedulers":true,"service_role_arn":true,"source_bucket_arn":true,"startup_script_s3_object_version":true,"status":true,"tags":{},"tags_all":{},"webserver_url":true,"webserver_vpc_endpoint_service":true,"weekly_maintenance_window_start":true,"worker_replacement_strategy":true},"before_sensitive":false,"after_sensitive":{"airflow_configuration_options":true,"last_updated":[],"logging_configuration":[{"dag_processing_logs":[{}],"scheduler_logs":[{}],"task_logs":[{}],"webserver_logs":[{}],"worker_logs":[{}]}],"network_configuration":[{"security_group_ids":[],"subnet_ids":[]}],"tags":{},"tags_all":{}}}},{"address":"aws_nat_gateway.this[\"0\"]","mode":"managed","type":"aws_nat_gateway","name":"this","index":"0","provider_name":"registry.terraform.io/hashicorp/aws","change":{"actions":["create"],"before":null,"after":{"availability_zone_address":[],"connectivity_type":"public","region":"us-east-1","tags":{"Name":"trigger-mwaa-dag-nat-0"},"tags_all":{"ManagedBy":"terraform","Name":"trigger-mwaa-dag-nat-0","Project":"trigger-mwaa-dag"},"timeouts":null},"after_unknown":{"allocation_id":true,"association_id":true,"auto_provision_zones":true,"auto_scaling_ips":true,"availability_mode":true,"availability_zone_address":[],"id":true,"network_interface_id":true,"private_ip":true,"public_ip":true,"regional_nat_gateway_address":true,"regional_nat_gateway_auto_mode":true,"route_table_id":true,"secondary_allocation_ids":true,"secondary_private_ip_address_count":true,"secondary_private_ip_addresses":true,"subnet_id":true,"tags":{},"tags_all":{},"vpc_id":true},"before_sensitive":false,"after_sensitive":{"availability_zone_address":[],"regional_nat_gateway_address":[],"secondary_allocation_ids":[],"secondary_private_ip_addresses":[],"tags":{},"tags_all":{}}}},{"address":"aws_nat_gateway.this[\"1\"]","mode":"managed","type":"aws_nat_gateway","name":"this","index":"1","provider_name":"registry.terraform.io/hashicorp/aws","change":{"actions":["create"],"before":null,"after":{"availability_zone_address":[],"connectivity_type":"public","region":"us-east-1","tags":{"Name":"trigger-mwaa-dag-nat-1"},"tags_all":{"ManagedBy":"terraform","Name":"trigger-mwaa-dag-nat-1","Project":"trigger-mwaa-dag"},"timeouts":null},"after_unknown":{"allocation_id":true,"association_id":true,"auto_provision_zones":true,"auto_scaling_ips":true,"availability_mode":true,"availability_zone_address":[],"id":true,"network_interface_id":true,"private_ip":true,"public_ip":true,"regional_nat_gateway_address":true,"regional_nat_gateway_auto_mode":true,"route_table_id":true,"secondary_allocation_ids":true,"secondary_private_ip_address_count":true,"secondary_private_ip_addresses":true,"subnet_id":true,"tags":{},"tags_all":{},"vpc_id":true},"before_sensitive":false,"after_sensitive":{"availability_zone_address":[],"regional_nat_gateway_address":[],"secondary_allocation_ids":[],"secondary_private_ip_addresses":[],"tags":{},"tags_all":{}}}},{"address":"aws_route.private_nat[\"0\"]","mode":"managed","type":"aws_route","name":"private_nat","index":"0","provider_name":"registry.terraform.io/hashicorp/aws","change":{"actions":["create"],"before":null,"after":{"carrier_gateway_id":null,"core_network_arn":null,"destination_cidr_block":"0.0.0.0/0","destination_ipv6_cidr_block":null,"destination_prefix_list_id":null,"egress_only_gateway_id":null,"gateway_id":null,"local_gateway_id":null,"region":"us-east-1","timeouts":null,"transit_gateway_id":null,"vpc_endpoint_id":null,"vpc_peering_connection_id":null},"after_unknown":{"id":true,"instance_id":true,"instance_owner_id":true,"nat_gateway_id":true,"network_interface_id":true,"origin":true,"route_table_id":true,"state":true},"before_sensitive":false,"after_sensitive":{},"after_identity":{"account_id":null,"destination_cidr_block":null,"destination_ipv6_cidr_block":null,"destination_prefix_list_id":null,"region":null,"route_table_id":null}}},{"address":"aws_route.private_nat[\"1\"]","mode":"managed","type":"aws_route","name":"private_nat","index":"1","provider_name":"registry.terraform.io/hashicorp/aws","change":{"actions":["create"],"before":null,"after":{"carrier_gateway_id":null,"core_network_arn":null,"destination_cidr_block":"0.0.0.0/0","destination_ipv6_cidr_block":null,"destination_prefix_list_id":null,"egress_only_gateway_id":null,"gateway_id":null,"local_gateway_id":null,"region":"us-east-1","timeouts":null,"transit_gateway_id":null,"vpc_endpoint_id":null,"vpc_peering_connection_id":null},"after_unknown":{"id":true,"instance_id":true,"instance_owner_id":true,"nat_gateway_id":true,"network_interface_id":true,"origin":true,"route_table_id":true,"state":true},"before_sensitive":false,"after_sensitive":{},"after_identity":{"account_id":null,"destination_cidr_block":null,"destination_ipv6_cidr_block":null,"destination_prefix_list_id":null,"region":null,"route_table_id":null}}},{"address":"aws_route.public_internet","mode":"managed","type":"aws_route","name":"public_internet","provider_name":"registry.terraform.io/hashicorp/aws","change":{"actions":["create"],"before":null,"after":{"carrier_gateway_id":null,"core_network_arn":null,"destination_cidr_block":"0.0.0.0/0","destination_ipv6_cidr_block":null,"destination_prefix_list_id":null,"egress_only_gateway_id":null,"local_gateway_id":null,"nat_gateway_id":null,"region":"us-east-1","timeouts":null,"transit_gateway_id":null,"vpc_endpoint_id":null,"vpc_peering_connection_id":null},"after_unknown":{"gateway_id":true,"id":true,"instance_id":true,"instance_owner_id":true,"network_interface_id":true,"origin":true,"route_table_id":true,"state":true},"before_sensitive":false,"after_sensitive":{},"after_identity":{"account_id":null,"destination_cidr_block":null,"destination_ipv6_cidr_block":null,"destination_prefix_list_id":null,"region":null,"route_table_id":null}}},{"address":"aws_route_table.private[\"0\"]","mode":"managed","type":"aws_route_table","name":"private","index":"0","provider_name":"registry.terraform.io/hashicorp/aws","change":{"actions":["create"],"before":null,"after":{"region":"us-east-1","tags":{"Name":"trigger-mwaa-dag-private-rt-0"},"tags_all":{"ManagedBy":"terraform","Name":"trigger-mwaa-dag-private-rt-0","Project":"trigger-mwaa-dag"},"timeouts":null},"after_unknown":{"arn":true,"id":true,"owner_id":true,"propagating_vgws":true,"route":true,"tags":{},"tags_all":{},"vpc_id":true},"before_sensitive":false,"after_sensitive":{"propagating_vgws":[],"route":[],"tags":{},"tags_all":{}},"after_identity":{"account_id":null,"id":null,"region":null}}},{"address":"aws_route_table.private[\"1\"]","mode":"managed","type":"aws_route_table","name":"private","index":"1","provider_name":"registry.terraform.io/hashicorp/aws","change":{"actions":["create"],"before":null,"after":{"region":"us-east-1","tags":{"Name":"trigger-mwaa-dag-private-rt-1"},"tags_all":{"ManagedBy":"terraform","Name":"trigger-mwaa-dag-private-rt-1","Project":"trigger-mwaa-dag"},"timeouts":null},"after_unknown":{"arn":true,"id":true,"owner_id":true,"propagating_vgws":true,"route":true,"tags":{},"tags_all":{},"vpc_id":true},"before_sensitive":false,"after_sensitive":{"propagating_vgws":[],"route":[],"tags":{},"tags_all":{}},"after_identity":{"account_id":null,"id":null,"region":null}}},{"address":"aws_route_table.public","mode":"managed","type":"aws_route_table","name":"public","provider_name":"registry.terraform.io/hashicorp/aws","change":{"actions":["create"],"before":null,"after":{"region":"us-east-1","tags":{"Name":"trigger-mwaa-dag-public-rt"},"tags_all":{"ManagedBy":"terraform","Name":"trigger-mwaa-dag-public-rt","Project":"trigger-mwaa-dag"},"timeouts":null},"after_unknown":{"arn":true,"id":true,"owner_id":true,"propagating_vgws":true,"route":true,"tags":{},"tags_all":{},"vpc_id":true},"before_sensitive":false,"after_sensitive":{"propagating_vgws":[],"route":[],"tags":{},"tags_all":{}},"after_identity":{"account_id":null,"id":null,"region":null}}},{"address":"aws_route_table_association.private[\"0\"]","mode":"managed","type":"aws_route_table_association","name":"private","index":"0","provider_name":"registry.terraform.io/hashicorp/aws","change":{"actions":["create"],"before":null,"after":{"gateway_id":null,"region":"us-east-1","timeouts":null},"after_unknown":{"id":true,"route_table_id":true,"subnet_id":true},"before_sensitive":false,"after_sensitive":{}}},{"address":"aws_route_table_association.private[\"1\"]","mode":"managed","type":"aws_route_table_association","name":"private","index":"1","provider_name":"registry.terraform.io/hashicorp/aws","change":{"actions":["create"],"before":null,"after":{"gateway_id":null,"region":"us-east-1","timeouts":null},"after_unknown":{"id":true,"route_table_id":true,"subnet_id":true},"before_sensitive":false,"after_sensitive":{}}},{"address":"aws_route_table_association.public[\"0\"]","mode":"managed","type":"aws_route_table_association","name":"public","index":"0","provider_name":"registry.terraform.io/hashicorp/aws","change":{"actions":["create"],"before":null,"after":{"gateway_id":null,"region":"us-east-1","timeouts":null},"after_unknown":{"id":true,"route_table_id":true,"subnet_id":true},"before_sensitive":false,"after_sensitive":{}}},{"address":"aws_route_table_association.public[\"1\"]","mode":"managed","type":"aws_route_table_association","name":"public","index":"1","provider_name":"registry.terraform.io/hashicorp/aws","change":{"actions":["create"],"before":null,"after":{"gateway_id":null,"region":"us-east-1","timeouts":null},"after_unknown":{"id":true,"route_table_id":true,"subnet_id":true},"before_sensitive":false,"after_sensitive":{}}},{"address":"aws_s3_bucket.input","mode":"managed","type":"aws_s3_bucket","name":"input","provider_name":"registry.terraform.io/hashicorp/aws","change":{"actions":["create"],"before":null,"after":{"bucket":"input-us-east-1-000000000000","force_destroy":true,"region":"us-east-1","tags":{"Name":"input-us-east-1-000000000000"},"tags_all":{"ManagedBy":"terraform","Name":"input-us-east-1-000000000000","Project":"trigger-mwaa-dag"},"timeouts":null},"after_unknown":{"acceleration_status":true,"acl":true,"arn":true,"bucket_domain_name":true,"bucket_prefix":true,"bucket_region":true,"bucket_regional_domain_name":true,"cors_rule":true,"grant":true,"hosted_zone_id":true,"id":true,"lifecycle_rule":true,"logging":true,"object_lock_configuration":true,"object_lock_enabled":true,"policy":true,"replication_configuration":true,"request_payer":true,"server_side_encryption_configuration":true,"tags":{},"tags_all":{},"versioning":true,"website":true,"website_domain":true,"website_endpoint":true},"before_sensitive":false,"after_sensitive":{"cors_rule":[],"grant":[],"lifecycle_rule":[],"logging":[],"object_lock_configuration":[],"replication_configuration":[],"server_side_encryption_configuration":[],"tags":{},"tags_all":{},"versioning":[],"website":[]},"after_identity":{"account_id":null,"bucket":null,"region":null}}},{"address":"aws_s3_bucket.mwaa","mode":"managed","type":"aws_s3_bucket","name":"mwaa","provider_name":"registry.terraform.io/hashicorp/aws","change":{"actions":["create"],"before":null,"after":{"bucket":"mwaa-us-east-1-000000000000","force_destroy":true,"region":"us-east-1","tags":{"Name":"mwaa-us-east-1-000000000000"},"tags_all":{"ManagedBy":"terraform","Name":"mwaa-us-east-1-000000000000","Project":"trigger-mwaa-dag"},"timeouts":null},"after_unknown":{"acceleration_status":true,"acl":true,"arn":true,"bucket_domain_name":true,"bucket_prefix":true,"bucket_region":true,"bucket_regional_domain_name":true,"cors_rule":true,"grant":true,"hosted_zone_id":true,"id":true,"lifecycle_rule":true,"logging":true,"object_lock_configuration":true,"object_lock_enabled":true,"policy":true,"replication_configuration":true,"request_payer":true,"server_side_encryption_configuration":true,"tags":{},"tags_all":{},"versioning":true,"website":true,"website_domain":true,"website_endpoint":true},"before_sensitive":false,"after_sensitive":{"cors_rule":[],"grant":[],"lifecycle_rule":[],"logging":[],"object_lock_configuration":[],"replication_configuration":[],"server_side_encryption_configuration":[],"tags":{},"tags_all":{},"versioning":[],"website":[]},"after_identity":{"account_id":null,"bucket":null,"region":null}}},{"address":"aws_s3_bucket_notification.input","mode":"managed","type":"aws_s3_bucket_notification","name":"input","provider_name":"registry.terraform.io/hashicorp/aws","change":{"actions":["create"],"before":null,"after":{"eventbridge":false,"lambda_function":[{"events":["s3:ObjectCreated:*"],"filter_prefix":null,"filter_suffix":"input.json"}],"queue":[],"region":"us-east-1","topic":[]},"after_unknown":{"bucket":true,"id":true,"lambda_function":[{"events":[false],"id":true,"lambda_function_arn":true}],"queue":[],"topic":[]},"before_sensitive":false,"after_sensitive":{"lambda_function":[{"events":[false]}],"queue":[],"topic":[]},"after_identity":{"account_id":null,"bucket":null,"region":null}}},{"address":"aws_s3_bucket_policy.input_tls","mode":"managed","type":"aws_s3_bucket_policy","name":"input_tls","provider_name":"registry.terraform.io/hashicorp/aws","change":{"actions":["create"],"before":null,"after":{"region":"us-east-1"},"after_unknown":{"bucket":true,"id":true,"policy":true},"before_sensitive":false,"after_sensitive":{},"after_identity":{"account_id":null,"bucket":null,"region":null}}},{"address":"aws_s3_bucket_policy.mwaa_tls","mode":"managed","type":"aws_s3_bucket_policy","name":"mwaa_tls","provider_name":"registry.terraform.io/hashicorp/aws","change":{"actions":["create"],"before":null,"after":{"region":"us-east-1"},"after_unknown":{"bucket":true,"id":true,"policy":true},"before_sensitive":false,"after_sensitive":{},"after_identity":{"account_id":null,"bucket":null,"region":null}}},{"address":"aws_s3_bucket_public_access_block.input","mode":"managed","type":"aws_s3_bucket_public_access_block","name":"input","provider_name":"registry.terraform.io/hashicorp/aws","change":{"actions":["create"],"before":null,"after":{"block_public_acls":true,"block_public_policy":true,"ignore_public_acls":true,"region":"us-east-1","restrict_public_buckets":true,"skip_destroy":null},"after_unknown":{"bucket":true,"id":true},"before_sensitive":false,"after_sensitive":{},"after_identity":{"account_id":null,"bucket":null,"region":null}}},{"address":"aws_s3_bucket_public_access_block.mwaa","mode":"managed","type":"aws_s3_bucket_public_access_block","name":"mwaa","provider_name":"registry.terraform.io/hashicorp/aws","change":{"actions":["create"],"before":null,"after":{"block_public_acls":true,"block_public_policy":true,"ignore_public_acls":true,"region":"us-east-1","restrict_public_buckets":true,"skip_destroy":null},"after_unknown":{"bucket":true,"id":true},"before_sensitive":false,"after_sensitive":{},"after_identity":{"account_id":null,"bucket":null,"region":null}}},{"address":"aws_s3_bucket_server_side_encryption_configuration.input","mode":"managed","type":"aws_s3_bucket_server_side_encryption_configuration","name":"input","provider_name":"registry.terraform.io/hashicorp/aws","change":{"actions":["create"],"before":null,"after":{"expected_bucket_owner":null,"region":"us-east-1","rule":[{"apply_server_side_encryption_by_default":[{"kms_master_key_id":"","sse_algorithm":"AES256"}],"blocked_encryption_types":[],"bucket_key_enabled":null}]},"after_unknown":{"bucket":true,"id":true,"rule":[{"apply_server_side_encryption_by_default":[{}],"blocked_encryption_types":[]}]},"before_sensitive":false,"after_sensitive":{"rule":[{"apply_server_side_encryption_by_default":[{}],"blocked_encryption_types":[]}]},"after_identity":{"account_id":null,"bucket":null,"expected_bucket_owner":null,"region":null}}},{"address":"aws_s3_bucket_server_side_encryption_configuration.mwaa","mode":"managed","type":"aws_s3_bucket_server_side_encryption_configuration","name":"mwaa","provider_name":"registry.terraform.io/hashicorp/aws","change":{"actions":["create"],"before":null,"after":{"expected_bucket_owner":null,"region":"us-east-1","rule":[{"apply_server_side_encryption_by_default":[{"kms_master_key_id":"","sse_algorithm":"AES256"}],"blocked_encryption_types":[],"bucket_key_enabled":null}]},"after_unknown":{"bucket":true,"id":true,"rule":[{"apply_server_side_encryption_by_default":[{}],"blocked_encryption_types":[]}]},"before_sensitive":false,"after_sensitive":{"rule":[{"apply_server_side_encryption_by_default":[{}],"blocked_encryption_types":[]}]},"after_identity":{"account_id":null,"bucket":null,"expected_bucket_owner":null,"region":null}}},{"address":"aws_s3_bucket_versioning.input","mode":"managed","type":"aws_s3_bucket_versioning","name":"input","provider_name":"registry.terraform.io/hashicorp/aws","change":{"actions":["create"],"before":null,"after":{"expected_bucket_owner":null,"mfa":null,"region":"us-east-1","versioning_configuration":[{"status":"Enabled"}]},"after_unknown":{"bucket":true,"id":true,"versioning_configuration":[{"mfa_delete":true}]},"before_sensitive":false,"after_sensitive":{"versioning_configuration":[{}]},"after_identity":{"account_id":null,"bucket":null,"expected_bucket_owner":null,"region":null}}},{"address":"aws_s3_bucket_versioning.mwaa","mode":"managed","type":"aws_s3_bucket_versioning","name":"mwaa","provider_name":"registry.terraform.io/hashicorp/aws","change":{"actions":["create"],"before":null,"after":{"expected_bucket_owner":null,"mfa":null,"region":"us-east-1","versioning_configuration":[{"status":"Enabled"}]},"after_unknown":{"bucket":true,"id":true,"versioning_configuration":[{"mfa_delete":true}]},"before_sensitive":false,"after_sensitive":{"versioning_configuration":[{}]},"after_identity":{"account_id":null,"bucket":null,"expected_bucket_owner":null,"region":null}}},{"address":"aws_s3_object.dag","mode":"managed","type":"aws_s3_object","name":"dag","provider_name":"registry.terraform.io/hashicorp/aws","change":{"actions":["create"],"before":null,"after":{"cache_control":null,"checksum_algorithm":null,"content":null,"content_base64":null,"content_disposition":null,"content_encoding":null,"content_language":null,"content_type":"text/x-python","etag":"6676b0f4d15b5e5d303ec192c4579e67","force_destroy":false,"key":"dags/hello-world-dag.py","metadata":null,"object_lock_legal_hold_status":null,"object_lock_mode":null,"object_lock_retain_until_date":null,"override_provider":[],"region":"us-east-1","source":"./../infra/src/dags/hello-world-dag.py","source_hash":null,"tags":null,"tags_all":{"ManagedBy":"terraform","Project":"trigger-mwaa-dag"},"website_redirect":null},"after_unknown":{"acl":true,"arn":true,"bucket":true,"bucket_key_enabled":true,"checksum_crc32":true,"checksum_crc32c":true,"checksum_crc64nvme":true,"checksum_sha1":true,"checksum_sha256":true,"id":true,"kms_key_id":true,"override_provider":[],"server_side_encryption":true,"storage_class":true,"tags_all":{},"version_id":true},"before_sensitive":false,"after_sensitive":{"override_provider":[],"tags_all":{}},"after_identity":{"account_id":null,"bucket":null,"key":null,"region":null}}},{"address":"aws_s3_object.requirements","mode":"managed","type":"aws_s3_object","name":"requirements","provider_name":"registry.terraform.io/hashicorp/aws","change":{"actions":["create"],"before":null,"after":{"cache_control":null,"checksum_algorithm":null,"content":"apache-airflow==2.9.3\nboto3==1.34.2\n","content_base64":null,"content_disposition":null,"content_encoding":null,"content_language":null,"content_type":"text/plain","etag":"1de03ffc5d49637df3f822349425259c","force_destroy":false,"key":"requirements/requirements.txt","metadata":null,"object_lock_legal_hold_status":null,"object_lock_mode":null,"object_lock_retain_until_date":null,"override_provider":[],"region":"us-east-1","source":null,"source_hash":null,"tags":null,"tags_all":{"ManagedBy":"terraform","Project":"trigger-mwaa-dag"},"website_redirect":null},"after_unknown":{"acl":true,"arn":true,"bucket":true,"bucket_key_enabled":true,"checksum_crc32":true,"checksum_crc32c":true,"checksum_crc64nvme":true,"checksum_sha1":true,"checksum_sha256":true,"id":true,"kms_key_id":true,"override_provider":[],"server_side_encryption":true,"storage_class":true,"tags_all":{},"version_id":true},"before_sensitive":false,"after_sensitive":{"override_provider":[],"tags_all":{}},"after_identity":{"account_id":null,"bucket":null,"key":null,"region":null}}},{"address":"aws_security_group.mwaa","mode":"managed","type":"aws_security_group","name":"mwaa","provider_name":"registry.terraform.io/hashicorp/aws","change":{"actions":["create"],"before":null,"after":{"description":"Security group for MWAA environment","egress":[{"cidr_blocks":["0.0.0.0/0"],"description":"","from_port":0,"ipv6_cidr_blocks":[],"prefix_list_ids":[],"protocol":"-1","security_groups":[],"self":false,"to_port":0}],"name":"trigger-mwaa-dag-mwaa-sg","region":"us-east-1","revoke_rules_on_delete":false,"tags":{"Name":"trigger-mwaa-dag-mwaa-sg"},"tags_all":{"ManagedBy":"terraform","Name":"trigger-mwaa-dag-mwaa-sg","Project":"trigger-mwaa-dag"},"timeouts":null},"after_unknown":{"arn":true,"egress":[{"cidr_blocks":[false],"ipv6_cidr_blocks":[],"prefix_list_ids":[],"security_groups":[]}],"id":true,"ingress":true,"name_prefix":true,"owner_id":true,"tags":{},"tags_all":{},"vpc_id":true},"before_sensitive":false,"after_sensitive":{"egress":[{"cidr_blocks":[false],"ipv6_cidr_blocks":[],"prefix_list_ids":[],"security_groups":[]}],"ingress":[],"tags":{},"tags_all":{}},"after_identity":{"account_id":null,"id":null,"region":null}}},{"address":"aws_subnet.private[\"0\"]","mode":"managed","type":"aws_subnet","name":"private","index":"0","provider_name":"registry.terraform.io/hashicorp/aws","change":{"actions":["create"],"before":null,"after":{"assign_ipv6_address_on_creation":false,"availability_zone":"us-east-1a","cidr_block":"10.0.0.0/20","customer_owned_ipv4_pool":null,"enable_dns64":false,"enable_lni_at_device_index":null,"enable_resource_name_dns_a_record_on_launch":false,"enable_resource_name_dns_aaaa_record_on_launch":false,"ipv6_cidr_block":null,"ipv6_native":false,"map_customer_owned_ip_on_launch":null,"map_public_ip_on_launch":false,"outpost_arn":null,"region":"us-east-1","tags":{"Name":"trigger-mwaa-dag-private-0","Tier":"private"},"tags_all":{"ManagedBy":"terraform","Name":"trigger-mwaa-dag-private-0","Project":"trigger-mwaa-dag","Tier":"private"},"timeouts":null},"after_unknown":{"arn":true,"availability_zone_id":true,"id":true,"ipv6_cidr_block_association_id":true,"owner_id":true,"private_dns_hostname_type_on_launch":true,"tags":{},"tags_all":{},"vpc_id":true},"before_sensitive":false,"after_sensitive":{"tags":{},"tags_all":{}},"after_identity":{"account_id":null,"id":null,"region":null}}},{"address":"aws_subnet.private[\"1\"]","mode":"managed","type":"aws_subnet","name":"private","index":"1","provider_name":"registry.terraform.io/hashicorp/aws","change":{"actions":["create"],"before":null,"after":{"assign_ipv6_address_on_creation":false,"availability_zone":"us-east-1b","cidr_block":"10.0.16.0/20","customer_owned_ipv4_pool":null,"enable_dns64":false,"enable_lni_at_device_index":null,"enable_resource_name_dns_a_record_on_launch":false,"enable_resource_name_dns_aaaa_record_on_launch":false,"ipv6_cidr_block":null,"ipv6_native":false,"map_customer_owned_ip_on_launch":null,"map_public_ip_on_launch":false,"outpost_arn":null,"region":"us-east-1","tags":{"Name":"trigger-mwaa-dag-private-1","Tier":"private"},"tags_all":{"ManagedBy":"terraform","Name":"trigger-mwaa-dag-private-1","Project":"trigger-mwaa-dag","Tier":"private"},"timeouts":null},"after_unknown":{"arn":true,"availability_zone_id":true,"id":true,"ipv6_cidr_block_association_id":true,"owner_id":true,"private_dns_hostname_type_on_launch":true,"tags":{},"tags_all":{},"vpc_id":true},"before_sensitive":false,"after_sensitive":{"tags":{},"tags_all":{}},"after_identity":{"account_id":null,"id":null,"region":null}}},{"address":"aws_subnet.public[\"0\"]","mode":"managed","type":"aws_subnet","name":"public","index":"0","provider_name":"registry.terraform.io/hashicorp/aws","change":{"actions":["create"],"before":null,"after":{"assign_ipv6_address_on_creation":false,"availability_zone":"us-east-1a","cidr_block":"10.0.128.0/20","customer_owned_ipv4_pool":null,"enable_dns64":false,"enable_lni_at_device_index":null,"enable_resource_name_dns_a_record_on_launch":false,"enable_resource_name_dns_aaaa_record_on_launch":false,"ipv6_cidr_block":null,"ipv6_native":false,"map_customer_owned_ip_on_launch":null,"map_public_ip_on_launch":true,"outpost_arn":null,"region":"us-east-1","tags":{"Name":"trigger-mwaa-dag-public-0","Tier":"public"},"tags_all":{"ManagedBy":"terraform","Name":"trigger-mwaa-dag-public-0","Project":"trigger-mwaa-dag","Tier":"public"},"timeouts":null},"after_unknown":{"arn":true,"availability_zone_id":true,"id":true,"ipv6_cidr_block_association_id":true,"owner_id":true,"private_dns_hostname_type_on_launch":true,"tags":{},"tags_all":{},"vpc_id":true},"before_sensitive":false,"after_sensitive":{"tags":{},"tags_all":{}},"after_identity":{"account_id":null,"id":null,"region":null}}},{"address":"aws_subnet.public[\"1\"]","mode":"managed","type":"aws_subnet","name":"public","index":"1","provider_name":"registry.terraform.io/hashicorp/aws","change":{"actions":["create"],"before":null,"after":{"assign_ipv6_address_on_creation":false,"availability_zone":"us-east-1b","cidr_block":"10.0.144.0/20","customer_owned_ipv4_pool":null,"enable_dns64":false,"enable_lni_at_device_index":null,"enable_resource_name_dns_a_record_on_launch":false,"enable_resource_name_dns_aaaa_record_on_launch":false,"ipv6_cidr_block":null,"ipv6_native":false,"map_customer_owned_ip_on_launch":null,"map_public_ip_on_launch":true,"outpost_arn":null,"region":"us-east-1","tags":{"Name":"trigger-mwaa-dag-public-1","Tier":"public"},"tags_all":{"ManagedBy":"terraform","Name":"trigger-mwaa-dag-public-1","Project":"trigger-mwaa-dag","Tier":"public"},"timeouts":null},"after_unknown":{"arn":true,"availability_zone_id":true,"id":true,"ipv6_cidr_block_association_id":true,"owner_id":true,"private_dns_hostname_type_on_launch":true,"tags":{},"tags_all":{},"vpc_id":true},"before_sensitive":false,"after_sensitive":{"tags":{},"tags_all":{}},"after_identity":{"account_id":null,"id":null,"region":null}}},{"address":"aws_vpc.this","mode":"managed","type":"aws_vpc","name":"this","provider_name":"registry.terraform.io/hashicorp/aws","change":{"actions":["create"],"before":null,"after":{"assign_generated_ipv6_cidr_block":null,"cidr_block":"10.0.0.0/16","enable_dns_hostnames":true,"enable_dns_support":true,"instance_tenancy":"default","ipv4_ipam_pool_id":null,"ipv4_netmask_length":null,"ipv6_ipam_pool_id":null,"ipv6_netmask_length":null,"region":"us-east-1","tags":{"Name":"trigger-mwaa-dag-vpc"},"tags_all":{"ManagedBy":"terraform","Name":"trigger-mwaa-dag-vpc","Project":"trigger-mwaa-dag"}},"after_unknown":{"arn":true,"default_network_acl_id":true,"default_route_table_id":true,"default_security_group_id":true,"dhcp_options_id":true,"enable_network_address_usage_metrics":true,"id":true,"ipv6_association_id":true,"ipv6_cidr_block":true,"ipv6_cidr_block_network_border_group":true,"main_route_table_id":true,"owner_id":true,"tags":{},"tags_all":{}},"before_sensitive":false,"after_sensitive":{"tags":{},"tags_all":{}},"after_identity":{"account_id":null,"id":null,"region":null}}},{"address":"aws_vpc_endpoint.s3","mode":"managed","type":"aws_vpc_endpoint","name":"s3","provider_name":"registry.terraform.io/hashicorp/aws","change":{"actions":["create"],"before":null,"after":{"auto_accept":null,"region":"us-east-1","resource_configuration_arn":null,"service_name":"com.amazonaws.us-east-1.s3","service_network_arn":null,"tags":{"Name":"trigger-mwaa-dag-s3-endpoint"},"tags_all":{"ManagedBy":"terraform","Name":"trigger-mwaa-dag-s3-endpoint","Project":"trigger-mwaa-dag"},"timeouts":null,"vpc_endpoint_type":"Gateway"},"after_unknown":{"arn":true,"cidr_blocks":true,"dns_entry":true,"dns_options":true,"id":true,"ip_address_type":true,"network_interface_ids":true,"owner_id":true,"policy":true,"prefix_list_id":true,"private_dns_enabled":true,"requester_managed":true,"route_table_ids":true,"security_group_ids":true,"service_region":true,"state":true,"subnet_configuration":true,"subnet_ids":true,"tags":{},"tags_all":{},"vpc_id":true},"before_sensitive":false,"after_sensitive":{"cidr_blocks":[],"dns_entry":[],"dns_options":[],"network_interface_ids":[],"route_table_ids":[],"security_group_ids":[],"subnet_configuration":[],"subnet_ids":[],"tags":{},"tags_all":{}},"after_identity":{"account_id":null,"id":null,"region":null}}}],"output_changes":{"input_bucket_id":{"actions":["create"],"before":null,"after_unknown":true,"before_sensitive":false,"after_sensitive":false},"lambda_function_name":{"actions":["create"],"before":null,"after":"trigger-mwaa-dag-trigger-dag","after_unknown":false,"before_sensitive":false,"after_sensitive":false},"mwaa_environment_arn":{"actions":["create"],"before":null,"after_unknown":true,"before_sensitive":false,"after_sensitive":false},"mwaa_source_bucket":{"actions":["create"],"before":null,"after_unknown":true,"before_sensitive":false,"after_sensitive":false},"mwaa_webserver_url":{"actions":["create"],"before":null,"after_unknown":true,"before_sensitive":false,"after_sensitive":false}},"prior_state":{"format_version":"1.0","terraform_version":"1.13.5","values":{"outputs":{"lambda_function_name":{"sensitive":false,"value":"trigger-mwaa-dag-trigger-dag","type":"string"}},"root_module":{"resources":[{"address":"data.archive_file.lambda_dummy","mode":"data","type":"archive_file","name":"lambda_dummy","provider_name":"registry.terraform.io/hashicorp/archive","schema_version":0,"values":{"exclude_symlink_directories":null,"excludes":null,"id":"58e93fade67637870be5af38eff8d5aa66c7da49","output_base64sha256":"wmbalFzzY/wG3ivChKElOZB3+B4gptmQyIat05p+fU4=","output_base64sha512":"BQYAg1LwEY4tDmry1VoRx6StX0vjH+7LpfB5KAZLVvfJQjioPbBv1QxI6QF6P2U614fU3h9XKBCb9z5Y1ornqA==","output_file_mode":null,"output_md5":"a0dbd832a6a977d6d5b28ea5c85e30fb","output_path":"./.dummy/lambda.zip","output_sha":"58e93fade67637870be5af38eff8d5aa66c7da49","output_sha256":"c266da945cf363fc06de2bc284a125399077f81e20a6d990c886add39a7e7d4e","output_sha512":"0506008352f0118e2d0e6af2d55a11c7a4ad5f4be31feecba5f07928064b56f7c94238a83db06fd50c48e9017a3f653ad787d4de1f5728109bf73e58d68ae7a8","output_size":246,"source":[{"content":"exports.handler = async (event) =\u003e {\n  console.log(\"Dummy lambda invoked\");\n  return { statusCode: 200, body: \"dummy\" };\n};\n","filename":"index.js"}],"source_content":null,"source_content_filename":null,"source_dir":null,"source_file":null,"type":"zip"},"sensitive_values":{"source":[{}]}},{"address":"data.archive_file.trigger_dag_zip","mode":"data","type":"archive_file","name":"trigger_dag_zip","provider_name":"registry.terraform.io/hashicorp/archive","schema_version":0,"values":{"exclude_symlink_directories":null,"excludes":null,"id":"0c225d7de8d0dc8914b6ac0479b20f38cc494886","output_base64sha256":"WHOtxajqix/LMJG4ouJtKbXaI8+jvqX1buzh80CsFo8=","output_base64sha512":"/fBRv0O2tIj8BqOA4Ps4yQvrfgu/XKzwvntJV6NhSmgTIuSbGNiZhIx762dooxjxZpDfJRQ24uamlQey0dKjsA==","output_file_mode":null,"output_md5":"ab652fcf275c74ae059a302a27513d54","output_path":"./builds/trigger-dag.zip","output_sha":"0c225d7de8d0dc8914b6ac0479b20f38cc494886","output_sha256":"5873adc5a8ea8b1fcb3091b8a2e26d29b5da23cfa3bea5f56eece1f340ac168f","output_sha512":"fdf051bf43b6b488fc06a380e0fb38c90beb7e0bbf5cacf0be7b4957a3614a681322e49b18d899848c7beb6768a318f16690df251436e2e6a69507b2d1d2a3b0","output_size":1810,"source":[],"source_content":null,"source_content_filename":null,"source_dir":"./../infra/src/lambda/trigger-dag","source_file":null,"type":"zip"},"sensitive_values":{"source":[]}},{"address":"data.aws_availability_zones.available","mode":"data","type":"aws_availability_zones","name":"available","provider_name":"registry.terraform.io/hashicorp/aws","schema_version":0,"values":{"all_availability_zones":null,"exclude_names":null,"exclude_zone_ids":null,"filter":null,"group_names":[""],"id":"us-east-1","names":["us-east-1a","us-east-1b","us-east-1c","us-east-1d","us-east-1e","us-east-1f"],"region":"us-east-1","state":"available","timeouts":null,"zone_ids":["use1-az6","use1-az1","use1-az2","use1-az4","use1-az3","use1-az5"]},"sensitive_values":{"group_names":[false],"names":[false,false,false,false,false,false],"zone_ids":[false,false,false,false,false,false]}},{"address":"data.aws_caller_identity.current","mode":"data","type":"aws_caller_identity","name":"current","provider_name":"registry.terraform.io/hashicorp/aws","schema_version":0,"values":{"account_id":"000000000000","arn":"arn:aws:iam::000000000000:root","id":"000000000000","user_id":"AKIAIOSFODNN7EXAMPLE"},"sensitive_values":{}},{"address":"data.aws_iam_policy_document.lambda_assume","mode":"data","type":"aws_iam_policy_document","name":"lambda_assume","provider_name":"registry.terraform.io/hashicorp/aws","schema_version":0,"values":{"id":"2690255455","json":"{\n  \"Version\": \"2012-10-17\",\n  \"Statement\": [\n    {\n      \"Effect\": \"Allow\",\n      \"Action\": \"sts:AssumeRole\",\n      \"Principal\": {\n        \"Service\": \"lambda.amazonaws.com\"\n      }\n    }\n  ]\n}","minified_json":"{\"Version\":\"2012-10-17\",\"Statement\":[{\"Effect\":\"Allow\",\"Action\":\"sts:AssumeRole\",\"Principal\":{\"Service\":\"lambda.amazonaws.com\"}}]}","override_json":null,"override_policy_documents":null,"policy_id":null,"source_json":null,"source_policy_documents":null,"statement":[{"actions":["sts:AssumeRole"],"condition":[],"effect":"Allow","not_actions":[],"not_principals":[],"not_resources":[],"principals":[{"identifiers":["lambda.amazonaws.com"],"type":"Service"}],"resources":[],"sid":""}],"version":"2012-10-17"},"sensitive_values":{"statement":[{"actions":[false],"condition":[],"not_actions":[],"not_principals":[],"not_resources":[],"principals":[{"identifiers":[false]}],"resources":[]}]}},{"address":"data.aws_iam_policy_document.mwaa_assume","mode":"data","type":"aws_iam_policy_document","name":"mwaa_assume","provider_name":"registry.terraform.io/hashicorp/aws","schema_version":0,"values":{"id":"2750727584","json":"{\n  \"Version\": \"2012-10-17\",\n  \"Statement\": [\n    {\n      \"Effect\": \"Allow\",\n      \"Action\": \"sts:AssumeRole\",\n      \"Principal\": {\n        \"Service\": [\n          \"airflow.amazonaws.com\",\n          \"airflow-env.amazonaws.com\"\n        ]\n      }\n    }\n  ]\n}","minified_json":"{\"Version\":\"2012-10-17\",\"Statement\":[{\"Effect\":\"Allow\",\"Action\":\"sts:AssumeRole\",\"Principal\":{\"Service\":[\"airflow.amazonaws.com\",\"airflow-env.amazonaws.com\"]}}]}","override_json":null,"override_policy_documents":null,"policy_id":null,"source_json":null,"source_policy_documents":null,"statement":[{"actions":["sts:AssumeRole"],"condition":[],"effect":"Allow","not_actions":[],"not_principals":[],"not_resources":[],"principals":[{"identifiers":["airflow-env.amazonaws.com","airflow.amazonaws.com"],"type":"Service"}],"resources":[],"sid":""}],"version":"2012-10-17"},"sensitive_values":{"statement":[{"actions":[false],"condition":[],"not_actions":[],"not_principals":[],"not_resources":[],"principals":[{"identifiers":[false,false]}],"resources":[]}]}},{"address":"data.aws_partition.current","mode":"data","type":"aws_partition","name":"current","provider_name":"registry.terraform.io/hashicorp/aws","schema_version":0,"values":{"dns_suffix":"amazonaws.com","id":"aws","partition":"aws","reverse_dns_prefix":"com.amazonaws"},"sensitive_values":{}},{"address":"data.aws_region.current","mode":"data","type":"aws_region","name":"current","provider_name":"registry.terraform.io/hashicorp/aws","schema_version":0,"values":{"description":"US East (N. Virginia)","endpoint":"ec2.us-east-1.amazonaws.com","id":"us-east-1","name":"us-east-1","region":"us-east-1"},"sensitive_values":{}}]}}},"configuration":{"provider_config":{"archive":{"name":"archive","full_name":"registry.terraform.io/hashicorp/archive","version_constraint":"~\u003e 2.7"},"aws":{"name":"aws","full_name":"registry.terraform.io/hashicorp/aws","version_constraint":"~\u003e 6.28","expressions":{"default_tags":[{"tags":{"references":["var.project_name","var.tags"]}}],"region":{"references":["var.aws_region"]}}},"random":{"name":"random","full_name":"registry.terraform.io/hashicorp/random","version_constraint":"~\u003e 3.8"}},"root_module":{"outputs":{"input_bucket_id":{"expression":{"references":["aws_s3_bucket.input.id","aws_s3_bucket.input"]},"description":"S3 input bucket name (used for testing uploads)."},"lambda_function_name":{"expression":{"references":["aws_lambda_function.trigger_dag.function_name","aws_lambda_function.trigger_dag"]},"description":"Lambda function name."},"mwaa_environment_arn":{"expression":{"references":["aws_mwaa_environment.this.arn","aws_mwaa_environment.this"]},"description":"MWAA environment ARN."},"mwaa_source_bucket":{"expression":{"references":["aws_s3_bucket.mwaa.id","aws_s3_bucket.mwaa"]},"description":"S3 bucket used by MWAA for DAGs/requirements."},"mwaa_webserver_url":{"expression":{"references":["aws_mwaa_environment.this.webserver_url","aws_mwaa_environment.this"]},"description":"MWAA webserver URL hostname."}},"resources":[{"address":"aws_cloudwatch_log_group.lambda","mode":"managed","type":"aws_cloudwatch_log_group","name":"lambda","provider_config_key":"aws","expressions":{"name":{"references":["local.lambda_function_name"]},"retention_in_days":{"constant_value":14}},"schema_version":0},{"address":"aws_eip.nat","mode":"managed","type":"aws_eip","name":"nat","provider_config_key":"aws","expressions":{"domain":{"constant_value":"vpc"},"tags":{"references":["local.name_prefix","each.key"]}},"schema_version":0,"for_each_expression":{"references":["aws_subnet.public"]}},{"address":"aws_iam_role.lambda","mode":"managed","type":"aws_iam_role","name":"lambda","provider_config_key":"aws","expressions":{"assume_role_policy":{"references":["data.aws_iam_policy_document.lambda_assume.json","data.aws_iam_policy_document.lambda_assume"]},"name":{"references":["local.name_prefix"]}},"schema_version":0},{"address":"aws_iam_role.mwaa","mode":"managed","type":"aws_iam_role","name":"mwaa","provider_config_key":"aws","expressions":{"assume_role_policy":{"references":["data.aws_iam_policy_document.mwaa_assume.json","data.aws_iam_policy_document.mwaa_assume"]},"name":{"references":["local.name_prefix"]}},"schema_version":0},{"address":"aws_iam_role_policy.lambda_inline","mode":"managed","type":"aws_iam_role_policy","name":"lambda_inline","provider_config_key":"aws","expressions":{"name":{"references":["local.name_prefix"]},"policy":{"references":["data.aws_iam_policy_document.lambda_inline.json","data.aws_iam_policy_document.lambda_inline"]},"role":{"references":["aws_iam_role.lambda.id","aws_iam_role.lambda"]}},"schema_version":0},{"address":"aws_iam_role_policy.mwaa_inline","mode":"managed","type":"aws_iam_role_policy","name":"mwaa_inline","provider_config_key":"aws","expressions":{"name":{"references":["local.name_prefix"]},"policy":{"references":["data.aws_iam_policy_document.mwaa_inline.json","data.aws_iam_policy_document.mwaa_inline"]},"role":{"references":["aws_iam_role.mwaa.id","aws_iam_role.mwaa"]}},"schema_version":0},{"address":"aws_iam_role_policy_attachment.lambda_basic","mode":"managed","type":"aws_iam_role_policy_attachment","name":"lambda_basic","provider_config_key":"aws","expressions":{"policy_arn":{"references":["data.aws_partition.current.partition","data.aws_partition.current"]},"role":{"references":["aws_iam_role.lambda.name","aws_iam_role.lambda"]}},"schema_version":0},{"address":"aws_internet_gateway.this","mode":"managed","type":"aws_internet_gateway","name":"this","provider_config_key":"aws","expressions":{"tags":{"references":["local.name_prefix"]},"vpc_id":{"references":["aws_vpc.this.id","aws_vpc.this"]}},"schema_version":0},{"address":"aws_lambda_function.trigger_dag","mode":"managed","type":"aws_lambda_function","name":"trigger_dag","provider_config_key":"aws","expressions":{"environment":[{"variables":{"references":["var.lambda_log_level","aws_mwaa_environment.this.name","aws_mwaa_environment.this"]}}],"filename":{"references":["data.archive_file.trigger_dag_zip.output_path","data.archive_file.trigger_dag_zip"]},"function_name":{"references":["local.lambda_function_name"]},"handler":{"constant_value":"index.lambda_handler"},"memory_size":{"references":["var.lambda_memory_mb"]},"role":{"references":["aws_iam_role.lambda.arn","aws_iam_role.lambda"]},"runtime":{"constant_value":"python3.12"},"source_code_hash":{"references":["data.archive_file.trigger_dag_zip.output_base64sha256","data.archive_file.trigger_dag_zip"]},"timeout":{"references":["var.lambda_timeout_seconds"]}},"schema_version":0,"depends_on":["aws_cloudwatch_log_group.lambda","aws_iam_role_policy.lambda_inline","aws_iam_role_policy_attachment.lambda_basic"]},{"address":"aws_lambda_permission.allow_s3","mode":"managed","type":"aws_lambda_permission","name":"allow_s3","provider_config_key":"aws","expressions":{"action":{"constant_value":"lambda:InvokeFunction"},"function_name":{"references":["aws_lambda_function.trigger_dag.function_name","aws_lambda_function.trigger_dag"]},"principal":{"constant_value":"s3.amazonaws.com"},"source_arn":{"references":["aws_s3_bucket.input.arn","aws_s3_bucket.input"]},"statement_id":{"constant_value":"AllowExecutionFromS3"}},"schema_version":0},{"address":"aws_mwaa_environment.this","mode":"managed","type":"aws_mwaa_environment","name":"this","provider_config_key":"aws","expressions":{"airflow_version":{"references":["var.airflow_version"]},"dag_s3_path":{"references":["local.mwaa_dags_path"]},"environment_class":{"references":["var.mwaa_environment_class"]},"execution_role_arn":{"references":["aws_iam_role.mwaa.arn","aws_iam_role.mwaa"]},"logging_configuration":[{"dag_processing_logs":[{"enabled":{"constant_value":true},"log_level":{"constant_value":"INFO"}}],"scheduler_logs":[{"enabled":{"constant_value":true},"log_level":{"constant_value":"INFO"}}],"task_logs":[{"enabled":{"constant_value":true},"log_level":{"constant_value":"INFO"}}],"webserver_logs":[{"enabled":{"constant_value":true},"log_level":{"constant_value":"INFO"}}],"worker_logs":[{"enabled":{"constant_value":true},"log_level":{"constant_value":"INFO"}}]}],"max_workers":{"references":["var.mwaa_max_workers"]},"min_workers":{"references":["var.mwaa_min_workers"]},"name":{"references":["var.mwaa_environment_name"]},"network_configuration":[{"security_group_ids":{"references":["aws_security_group.mwaa.id","aws_security_group.mwaa"]},"subnet_ids":{"references":["aws_subnet.private"]}}],"requirements_s3_path":{"references":["local.mwaa_requirements_path"]},"source_bucket_arn":{"references":["aws_s3_bucket.mwaa.arn","aws_s3_bucket.mwaa"]},"startup_script_s3_path":{"references":["var.mwaa_startup_script","local.mwaa_startup_path"]},"tags":{"references":["var.mwaa_environment_name"]},"webserver_access_mode":{"references":["var.mwaa_webserver_access_mode"]}},"schema_version":0,"depends_on":["aws_s3_object.dag","aws_s3_object.requirements","aws_iam_role_policy.mwaa_inline","aws_vpc_endpoint.s3"]},{"address":"aws_nat_gateway.this","mode":"managed","type":"aws_nat_gateway","name":"this","provider_config_key":"aws","expressions":{"allocation_id":{"references":["aws_eip.nat","each.key"]},"subnet_id":{"references":["each.value.id","each.value"]},"tags":{"references":["local.name_prefix","each.key"]}},"schema_version":0,"for_each_expression":{"references":["aws_subnet.public"]},"depends_on":["aws_internet_gateway.this"]},{"address":"aws_route.private_nat","mode":"managed","type":"aws_route","name":"private_nat","provider_config_key":"aws","expressions":{"destination_cidr_block":{"constant_value":"0.0.0.0/0"},"nat_gateway_id":{"references":["aws_nat_gateway.this","each.key"]},"route_table_id":{"references":["each.value.id","each.value"]}},"schema_version":0,"for_each_expression":{"references":["aws_route_table.private"]}},{"address":"aws_route.public_internet","mode":"managed","type":"aws_route","name":"public_internet","provider_config_key":"aws","expressions":{"destination_cidr_block":{"constant_value":"0.0.0.0/0"},"gateway_id":{"references":["aws_internet_gateway.this.id","aws_internet_gateway.this"]},"route_table_id":{"references":["aws_route_table.public.id","aws_route_table.public"]}},"schema_version":0},{"address":"aws_route_table.private","mode":"managed","type":"aws_route_table","name":"private","provider_config_key":"aws","expressions":{"tags":{"references":["local.name_prefix","each.key"]},"vpc_id":{"references":["aws_vpc.this.id","aws_vpc.this"]}},"schema_version":0,"for_each_expression":{"references":["aws_subnet.private"]}},{"address":"aws_route_table.public","mode":"managed","type":"aws_route_table","name":"public","provider_config_key":"aws","expressions":{"tags":{"references":["local.name_prefix"]},"vpc_id":{"references":["aws_vpc.this.id","aws_vpc.this"]}},"schema_version":0},{"address":"aws_route_table_association.private","mode":"managed","type":"aws_route_table_association","name":"private","provider_config_key":"aws","expressions":{"route_table_id":{"references":["aws_route_table.private","each.key"]},"subnet_id":{"references":["each.value.id","each.value"]}},"schema_version":0,"for_each_expression":{"references":["aws_subnet.private"]}},{"address":"aws_route_table_association.public","mode":"managed","type":"aws_route_table_association","name":"public","provider_config_key":"aws","expressions":{"route_table_id":{"references":["aws_route_table.public.id","aws_route_table.public"]},"subnet_id":{"references":["each.value.id","each.value"]}},"schema_version":0,"for_each_expression":{"references":["aws_subnet.public"]}},{"address":"aws_s3_bucket.input","mode":"managed","type":"aws_s3_bucket","name":"input","provider_config_key":"aws","expressions":{"bucket":{"references":["local.input_bucket_name"]},"force_destroy":{"constant_value":true},"tags":{"references":["local.input_bucket_name"]}},"schema_version":0},{"address":"aws_s3_bucket.mwaa","mode":"managed","type":"aws_s3_bucket","name":"mwaa","provider_config_key":"aws","expressions":{"bucket":{"references":["local.mwaa_bucket_name"]},"force_destroy":{"constant_value":true},"tags":{"references":["local.mwaa_bucket_name"]}},"schema_version":0},{"address":"aws_s3_bucket_notification.input","mode":"managed","type":"aws_s3_bucket_notification","name":"input","provider_config_key":"aws","expressions":{"bucket":{"references":["aws_s3_bucket.input.id","aws_s3_bucket.input"]},"lambda_function":[{"events":{"constant_value":["s3:ObjectCreated:*"]},"filter_prefix":{"references":["var.s3_trigger_prefix","var.s3_trigger_prefix"]},"filter_suffix":{"references":["var.s3_trigger_suffix","var.s3_trigger_suffix"]},"lambda_function_arn":{"references":["aws_lambda_function.trigger_dag.arn","aws_lambda_function.trigger_dag"]}}]},"schema_version":0,"depends_on":["aws_lambda_permission.allow_s3"]},{"address":"aws_s3_bucket_policy.input_tls","mode":"managed","type":"aws_s3_bucket_policy","name":"input_tls","provider_config_key":"aws","expressions":{"bucket":{"references":["aws_s3_bucket.input.id","aws_s3_bucket.input"]},"policy":{"references":["aws_s3_bucket.input.arn","aws_s3_bucket.input","aws_s3_bucket.input.arn","aws_s3_bucket.input"]}},"schema_version":0},{"address":"aws_s3_bucket_policy.mwaa_tls","mode":"managed","type":"aws_s3_bucket_policy","name":"mwaa_tls","provider_config_key":"aws","expressions":{"bucket":{"references":["aws_s3_bucket.mwaa.id","aws_s3_bucket.mwaa"]},"policy":{"references":["aws_s3_bucket.mwaa.arn","aws_s3_bucket.mwaa","aws_s3_bucket.mwaa.arn","aws_s3_bucket.mwaa"]}},"schema_version":0},{"address":"aws_s3_bucket_public_access_block.input","mode":"managed","type":"aws_s3_bucket_public_access_block","name":"input","provider_config_key":"aws","expressions":{"block_public_acls":{"constant_value":true},"block_public_policy":{"constant_value":true},"bucket":{"references":["aws_s3_bucket.input.id","aws_s3_bucket.input"]},"ignore_public_acls":{"constant_value":true},"restrict_public_buckets":{"constant_value":true}},"schema_version":0},{"address":"aws_s3_bucket_public_access_block.mwaa","mode":"managed","type":"aws_s3_bucket_public_access_block","name":"mwaa","provider_config_key":"aws","expressions":{"block_public_acls":{"constant_value":true},"block_public_policy":{"constant_value":true},"bucket":{"references":["aws_s3_bucket.mwaa.id","aws_s3_bucket.mwaa"]},"ignore_public_acls":{"constant_value":true},"restrict_public_buckets":{"constant_value":true}},"schema_version":0},{"address":"aws_s3_bucket_server_side_encryption_configuration.input","mode":"managed","type":"aws_s3_bucket_server_side_encryption_configuration","name":"input","provider_config_key":"aws","expressions":{"bucket":{"references":["aws_s3_bucket.input.id","aws_s3_bucket.input"]},"rule":[{"apply_server_side_encryption_by_default":[{"sse_algorithm":{"constant_value":"AES256"}}]}]},"schema_version":0},{"address":"aws_s3_bucket_server_side_encryption_configuration.mwaa","mode":"managed","type":"aws_s3_bucket_server_side_encryption_configuration","name":"mwaa","provider_config_key":"aws","expressions":{"bucket":{"references":["aws_s3_bucket.mwaa.id","aws_s3_bucket.mwaa"]},"rule":[{"apply_server_side_encryption_by_default":[{"sse_algorithm":{"constant_value":"AES256"}}]}]},"schema_version":0},{"address":"aws_s3_bucket_versioning.input","mode":"managed","type":"aws_s3_bucket_versioning","name":"input","provider_config_key":"aws","expressions":{"bucket":{"references":["aws_s3_bucket.input.id","aws_s3_bucket.input"]},"versioning_configuration":[{"status":{"constant_value":"Enabled"}}]},"schema_version":0},{"address":"aws_s3_bucket_versioning.mwaa","mode":"managed","type":"aws_s3_bucket_versioning","name":"mwaa","provider_config_key":"aws","expressions":{"bucket":{"references":["aws_s3_bucket.mwaa.id","aws_s3_bucket.mwaa"]},"versioning_configuration":[{"status":{"constant_value":"Enabled"}}]},"schema_version":0},{"address":"aws_s3_object.dag","mode":"managed","type":"aws_s3_object","name":"dag","provider_config_key":"aws","expressions":{"bucket":{"references":["aws_s3_bucket.mwaa.id","aws_s3_bucket.mwaa"]},"content_type":{"constant_value":"text/x-python"},"etag":{"references":["path.module"]},"key":{"references":["local.mwaa_dags_path"]},"source":{"references":["path.module"]}},"schema_version":0},{"address":"aws_s3_object.requirements","mode":"managed","type":"aws_s3_object","name":"requirements","provider_config_key":"aws","expressions":{"bucket":{"references":["aws_s3_bucket.mwaa.id","aws_s3_bucket.mwaa"]},"content":{"references":["var.mwaa_requirements_txt"]},"content_type":{"constant_value":"text/plain"},"etag":{"references":["var.mwaa_requirements_txt"]},"key":{"references":["local.mwaa_requirements_path"]}},"schema_version":0},{"address":"aws_s3_object.startup","mode":"managed","type":"aws_s3_object","name":"startup","provider_config_key":"aws","expressions":{"bucket":{"references":["aws_s3_bucket.mwaa.id","aws_s3_bucket.mwaa"]},"content":{"references":["var.mwaa_startup_script"]},"content_type":{"constant_value":"text/x-shellscript"},"etag":{"references":["var.mwaa_startup_script"]},"key":{"references":["local.mwaa_startup_path"]}},"schema_version":0,"count_expression":{"references":["var.mwaa_startup_script"]}},{"address":"aws_security_group.mwaa","mode":"managed","type":"aws_security_group","name":"mwaa","provider_config_key":"aws","expressions":{"description":{"constant_value":"Security group for MWAA environment"},"egress":{"constant_value":[{"cidr_blocks":["0.0.0.0/0"],"description":null,"from_port":0,"ipv6_cidr_blocks":null,"prefix_list_ids":null,"protocol":"-1","security_groups":null,"self":null,"to_port":0}]},"name":{"references":["local.name_prefix"]},"tags":{"references":["local.name_prefix"]},"vpc_id":{"references":["aws_vpc.this.id","aws_vpc.this"]}},"schema_version":1},{"address":"aws_subnet.private","mode":"managed","type":"aws_subnet","name":"private","provider_config_key":"aws","expressions":{"availability_zone":{"references":["data.aws_availability_zones.available.names","data.aws_availability_zones.available","each.key"]},"cidr_block":{"references":["each.value"]},"tags":{"references":["local.name_prefix","each.key"]},"vpc_id":{"references":["aws_vpc.this.id","aws_vpc.this"]}},"schema_version":1,"for_each_expression":{"references":["var.private_subnet_cidrs"]}},{"address":"aws_subnet.public","mode":"managed","type":"aws_subnet","name":"public","provider_config_key":"aws","expressions":{"availability_zone":{"references":["data.aws_availability_zones.available.names","data.aws_availability_zones.available","each.key"]},"cidr_block":{"references":["each.value"]},"map_public_ip_on_launch":{"constant_value":true},"tags":{"references":["local.name_prefix","each.key"]},"vpc_id":{"references":["aws_vpc.this.id","aws_vpc.this"]}},"schema_version":1,"for_each_expression":{"references":["var.public_subnet_cidrs"]}},{"address":"aws_vpc.this","mode":"managed","type":"aws_vpc","name":"this","provider_config_key":"aws","expressions":{"cidr_block":{"references":["var.vpc_cidr"]},"enable_dns_hostnames":{"constant_value":true},"enable_dns_support":{"constant_value":true},"tags":{"references":["local.name_prefix"]}},"schema_version":1},{"address":"aws_vpc_endpoint.s3","mode":"managed","type":"aws_vpc_endpoint","name":"s3","provider_config_key":"aws","expressions":{"route_table_ids":{"references":["aws_route_table.public.id","aws_route_table.public","aws_route_table.private"]},"service_name":{"references":["data.aws_region.current.id","data.aws_region.current"]},"tags":{"references":["local.name_prefix"]},"vpc_endpoint_type":{"constant_value":"Gateway"},"vpc_id":{"references":["aws_vpc.this.id","aws_vpc.this"]}},"schema_version":0},{"address":"data.archive_file.lambda_dummy","mode":"data","type":"archive_file","name":"lambda_dummy","provider_config_key":"archive","expressions":{"output_path":{"references":["local.lambda_dummy_zip"]},"source":[{"content":{"constant_value":"exports.handler = async (event) =\u003e {\n  console.log(\"Dummy lambda invoked\");\n  return { statusCode: 200, body: \"dummy\" };\n};\n"},"filename":{"constant_value":"index.js"}}],"type":{"constant_value":"zip"}},"schema_version":0},{"address":"data.archive_file.trigger_dag_zip","mode":"data","type":"archive_file","name":"trigger_dag_zip","provider_config_key":"archive","expressions":{"output_path":{"references":["path.module"]},"source_dir":{"references":["path.module"]},"type":{"constant_value":"zip"}},"schema_version":0},{"address":"data.aws_availability_zones.available","mode":"data","type":"aws_availability_zones","name":"available","provider_config_key":"aws","expressions":{"state":{"constant_value":"available"}},"schema_version":0},{"address":"data.aws_caller_identity.current","mode":"data","type":"aws_caller_identity","name":"current","provider_config_key":"aws","schema_version":0},{"address":"data.aws_iam_policy_document.lambda_assume","mode":"data","type":"aws_iam_policy_document","name":"lambda_assume","provider_config_key":"aws","expressions":{"statement":[{"actions":{"constant_value":["sts:AssumeRole"]},"effect":{"constant_value":"Allow"},"principals":[{"identifiers":{"constant_value":["lambda.amazonaws.com"]},"type":{"constant_value":"Service"}}]}]},"schema_version":0},{"address":"data.aws_iam_policy_document.lambda_inline","mode":"data","type":"aws_iam_policy_document","name":"lambda_inline","provider_config_key":"aws","expressions":{"statement":[{"actions":{"constant_value":["mwaa:CreateCliToken"]},"effect":{"constant_value":"Allow"},"resources":{"references":["aws_mwaa_environment.this.arn","aws_mwaa_environment.this"]},"sid":{"constant_value":"MwaaCreateCliToken"}},{"actions":{"constant_value":["s3:GetObject","s3:GetObjectVersion"]},"effect":{"constant_value":"Allow"},"resources":{"references":["aws_s3_bucket.input.arn","aws_s3_bucket.input"]},"sid":{"constant_value":"ReadInputBucket"}}]},"schema_version":0},{"address":"data.aws_iam_policy_document.mwaa_assume","mode":"data","type":"aws_iam_policy_document","name":"mwaa_assume","provider_config_key":"aws","expressions":{"statement":[{"actions":{"constant_value":["sts:AssumeRole"]},"effect":{"constant_value":"Allow"},"principals":[{"identifiers":{"constant_value":["airflow.amazonaws.com","airflow-env.amazonaws.com"]},"type":{"constant_value":"Service"}}]}]},"schema_version":0},{"address":"data.aws_iam_policy_document.mwaa_inline","mode":"data","type":"aws_iam_policy_document","name":"mwaa_inline","provider_config_key":"aws","expressions":{"statement":[{"actions":{"constant_value":["s3:GetObject","s3:GetObjectVersion","s3:ListBucket"]},"effect":{"constant_value":"Allow"},"resources":{"references":["aws_s3_bucket.mwaa.arn","aws_s3_bucket.mwaa","aws_s3_bucket.mwaa.arn","aws_s3_bucket.mwaa"]},"sid":{"constant_value":"S3ReadMwaaBucket"}},{"actions":{"constant_value":["s3:GetObject","s3:GetObjectVersion","s3:ListBucket"]},"effect":{"constant_value":"Allow"},"resources":{"references":["aws_s3_bucket.input.arn","aws_s3_bucket.input","aws_s3_bucket.input.arn","aws_s3_bucket.input"]},"sid":{"constant_value":"S3ReadInputBucket"}},{"actions":{"constant_value":["logs:CreateLogGroup","logs:CreateLogStream","logs:PutLogEvents","logs:GetLogEvents","logs:GetLogRecord","logs:GetLogGroupFields","logs:GetQueryResults","logs:DescribeLogGroups","logs:DescribeLogStreams","logs:DescribeLogFields","logs:DescribeQueries","logs:FilterLogEvents"]},"effect":{"constant_value":"Allow"},"resources":{"constant_value":["*"]},"sid":{"constant_value":"CloudWatchLogs"}},{"actions":{"constant_value":["cloudwatch:PutMetricData"]},"effect":{"constant_value":"Allow"},"resources":{"constant_value":["*"]},"sid":{"constant_value":"CloudWatchMetrics"}},{"actions":{"constant_value":["sqs:ChangeMessageVisibility","sqs:DeleteMessage","sqs:GetQueueAttributes","sqs:GetQueueUrl","sqs:ReceiveMessage","sqs:SendMessage"]},"effect":{"constant_value":"Allow"},"resources":{"constant_value":["*"]},"sid":{"constant_value":"SQSForCelery"}},{"actions":{"constant_value":["kms:DescribeKey","kms:ListAliases","kms:ListKeys"]},"effect":{"constant_value":"Allow"},"resources":{"constant_value":["*"]},"sid":{"constant_value":"KMSList"}}]},"schema_version":0},{"address":"data.aws_partition.current","mode":"data","type":"aws_partition","name":"current","provider_config_key":"aws","schema_version":0},{"address":"data.aws_region.current","mode":"data","type":"aws_region","name":"current","provider_config_key":"aws","schema_version":0}],"variables":{"airflow_version":{"default":"2.9.2","description":"MWAA Airflow version."},"aws_region":{"default":"us-east-1","description":"AWS region to deploy into."},"lambda_log_level":{"default":"INFO","description":"Lambda LOG_LEVEL env var."},"lambda_memory_mb":{"default":256,"description":"Lambda memory in MB."},"lambda_timeout_seconds":{"default":30,"description":"Lambda timeout in seconds."},"mwaa_environment_class":{"default":"mw1.small","description":"MWAA environment class."},"mwaa_environment_name":{"default":"trigger-mwaa","description":"MWAA environment name."},"mwaa_max_workers":{"default":2,"description":"Maximum number of MWAA workers."},"mwaa_min_workers":{"default":1,"description":"Minimum number of MWAA workers."},"mwaa_requirements_txt":{"default":"apache-airflow==2.9.3\nboto3==1.34.2\n","description":"Contents of requirements.txt to be used by MWAA."},"mwaa_startup_script":{"default":"","description":"Optional MWAA startup script content. Empty disables."},"mwaa_webserver_access_mode":{"default":"PUBLIC_ONLY","description":"MWAA webserver access mode. Use PRIVATE_ONLY for best security."},"private_subnet_cidrs":{"default":["10.0.0.0/20","10.0.16.0/20"],"description":"Private subnet CIDRs (2 recommended)."},"project_name":{"default":"trigger-mwaa-dag","description":"Project/name prefix used for resource naming."},"public_subnet_cidrs":{"default":["10.0.128.0/20","10.0.144.0/20"],"description":"Public subnet CIDRs (2 recommended) for NAT gateways."},"s3_trigger_prefix":{"default":"","description":"Optional S3 key prefix filter for triggering Lambda. Empty means no prefix filter."},"s3_trigger_suffix":{"default":"input.json","description":"Optional S3 key suffix filter for triggering Lambda. Empty means no suffix filter."},"tags":{"default":{},"description":"Additional tags to apply to all resources."},"vpc_cidr":{"default":"10.0.0.0/16","description":"CIDR block for the VPC."}}}},"relevant_attributes":[{"resource":"aws_eip.nat","attribute":[]},{"resource":"data.aws_availability_zones.available","attribute":["names"]},{"resource":"aws_iam_role.lambda","attribute":["id"]},{"resource":"data.aws_region.current","attribute":["id"]},{"resource":"data.aws_iam_policy_document.lambda_inline","attribute":["json"]},{"resource":"aws_security_group.mwaa","attribute":["id"]},{"resource":"data.aws_iam_policy_document.mwaa_assume","attribute":["json"]},{"resource":"aws_iam_role.lambda","attribute":["name"]},{"resource":"data.archive_file.trigger_dag_zip","attribute":["output_base64sha256"]},{"resource":"aws_s3_bucket.mwaa","attribute":["id"]},{"resource":"data.aws_iam_policy_document.lambda_assume","attribute":["json"]},{"resource":"aws_mwaa_environment.this","attribute":["name"]},{"resource":"aws_iam_role.lambda","attribute":["arn"]},{"resource":"aws_mwaa_environment.this","attribute":["arn"]},{"resource":"aws_lambda_function.trigger_dag","attribute":["function_name"]},{"resource":"aws_subnet.public","attribute":[]},{"resource":"aws_iam_role.mwaa","attribute":["id"]},{"resource":"aws_s3_bucket.input","attribute":["id"]},{"resource":"data.aws_iam_policy_document.mwaa_inline","attribute":["json"]},{"resource":"aws_nat_gateway.this","attribute":[]},{"resource":"aws_route_table.private","attribute":[]},{"resource":"aws_lambda_function.trigger_dag","attribute":["arn"]},{"resource":"aws_subnet.private","attribute":[]},{"resource":"data.archive_file.trigger_dag_zip","attribute":["output_path"]},{"resource":"aws_mwaa_environment.this","attribute":["webserver_url"]},{"resource":"data.aws_caller_identity.current","attribute":["account_id"]},{"resource":"aws_iam_role.mwaa","attribute":["arn"]},{"resource":"aws_s3_bucket.mwaa","attribute":["arn"]},{"resource":"data.aws_partition.current","attribute":["partition"]},{"resource":"aws_s3_bucket.input","attribute":["arn"]},{"resource":"aws_internet_gateway.this","attribute":["id"]},{"resource":"aws_vpc.this","attribute":["id"]},{"resource":"aws_route_table.public","attribute":["id"]}],"checks":[{"address":{"kind":"var","name":"mwaa_webserver_access_mode","to_display":"var.mwaa_webserver_access_mode"},"status":"pass","instances":[{"address":{"to_display":"var.mwaa_webserver_access_mode"},"status":"pass"}]}],"timestamp":"2026-01-27T12:06:35Z","applyable":true,"complete":true,"errored":false}
