data.aws_availability_zones.available: Reading...
module.eks.module.eks_managed_node_group["two"].data.aws_partition.current: Reading...
module.eks.module.eks_managed_node_group["one"].data.aws_partition.current: Reading...
module.irsa-ebs-csi.data.aws_caller_identity.current: Reading...
module.eks.data.aws_caller_identity.current: Reading...
module.irsa-ebs-csi.data.aws_partition.current: Reading...
module.eks.module.eks_managed_node_group["two"].data.aws_caller_identity.current: Reading...
data.aws_iam_policy.ebs_csi_policy: Reading...
module.eks.data.aws_partition.current: Reading...
module.eks.data.aws_partition.current: Read complete after 0s [id=aws]
module.eks.module.eks_managed_node_group["two"].data.aws_partition.current: Read complete after 0s [id=aws]
module.irsa-ebs-csi.data.aws_partition.current: Read complete after 0s [id=aws]
module.eks.module.eks_managed_node_group["one"].data.aws_partition.current: Read complete after 0s [id=aws]
module.eks.data.aws_iam_policy_document.assume_role_policy[0]: Reading...
module.eks.module.eks_managed_node_group["one"].data.aws_caller_identity.current: Reading...
module.eks.module.kms.data.aws_caller_identity.current[0]: Reading...
module.eks.data.aws_iam_policy_document.assume_role_policy[0]: Read complete after 0s [id=2764486067]
module.eks.module.kms.data.aws_partition.current[0]: Reading...
module.eks.module.kms.data.aws_partition.current[0]: Read complete after 0s [id=aws]
module.eks.module.eks_managed_node_group["two"].data.aws_iam_policy_document.assume_role_policy[0]: Reading...
module.eks.module.eks_managed_node_group["one"].data.aws_iam_policy_document.assume_role_policy[0]: Reading...
module.eks.module.eks_managed_node_group["two"].data.aws_iam_policy_document.assume_role_policy[0]: Read complete after 0s [id=2560088296]
module.eks.module.eks_managed_node_group["one"].data.aws_iam_policy_document.assume_role_policy[0]: Read complete after 0s [id=2560088296]
module.irsa-ebs-csi.data.aws_caller_identity.current: Read complete after 0s [id=000000000000]
module.eks.module.eks_managed_node_group["one"].data.aws_caller_identity.current: Read complete after 0s [id=000000000000]
module.eks.data.aws_caller_identity.current: Read complete after 0s [id=000000000000]
module.eks.module.eks_managed_node_group["two"].data.aws_caller_identity.current: Read complete after 0s [id=000000000000]
module.eks.module.kms.data.aws_caller_identity.current[0]: Read complete after 0s [id=000000000000]
data.aws_availability_zones.available: Read complete after 0s [id=eu-central-1]
module.eks.data.aws_iam_session_context.current: Reading...
module.eks.data.aws_iam_session_context.current: Read complete after 0s [id=arn:aws:iam::000000000000:root]
data.aws_iam_policy.ebs_csi_policy: Read complete after 0s [id=arn:aws:iam::aws:policy/service-role/AmazonEBSCSIDriverPolicy]

Terraform used the selected providers to generate the following execution
plan. Resource actions are indicated with the following symbols:
  + create
 <= read (data resources)

Terraform will perform the following actions:

  # random_string.suffix will be created
  + resource "random_string" "suffix" {
      + id          = (known after apply)
      + length      = 8
      + lower       = true
      + min_lower   = 0
      + min_numeric = 0
      + min_special = 0
      + min_upper   = 0
      + number      = true
      + numeric     = true
      + result      = (known after apply)
      + special     = false
      + upper       = true
    }

  # module.eks.data.aws_eks_addon_version.this["aws-ebs-csi-driver"] will be read during apply
  # (depends on a resource or a module with changes pending)
 <= data "aws_eks_addon_version" "this" {
      + addon_name         = "aws-ebs-csi-driver"
      + id                 = (known after apply)
      + kubernetes_version = "1.29"
      + version            = (known after apply)
    }

  # module.eks.data.tls_certificate.this[0] will be read during apply
  # (config refers to values not yet known)
 <= data "tls_certificate" "this" {
      + certificates = (known after apply)
      + id           = (known after apply)
      + url          = (known after apply)
    }

  # module.eks.aws_cloudwatch_log_group.this[0] will be created
  + resource "aws_cloudwatch_log_group" "this" {
      + arn               = (known after apply)
      + id                = (known after apply)
      + log_group_class   = (known after apply)
      + name              = (known after apply)
      + name_prefix       = (known after apply)
      + retention_in_days = 90
      + skip_destroy      = false
      + tags              = (known after apply)
      + tags_all          = (known after apply)
    }

  # module.eks.aws_ec2_tag.cluster_primary_security_group["Department"] will be created
  + resource "aws_ec2_tag" "cluster_primary_security_group" {
      + id          = (known after apply)
      + key         = "Department"
      + resource_id = (known after apply)
      + value       = "DevOps"
    }

  # module.eks.aws_ec2_tag.cluster_primary_security_group["Owner"] will be created
  + resource "aws_ec2_tag" "cluster_primary_security_group" {
      + id          = (known after apply)
      + key         = "Owner"
      + resource_id = (known after apply)
      + value       = "Nati"
    }

  # module.eks.aws_ec2_tag.cluster_primary_security_group["Temp"] will be created
  + resource "aws_ec2_tag" "cluster_primary_security_group" {
      + id          = (known after apply)
      + key         = "Temp"
      + resource_id = (known after apply)
      + value       = "True"
    }

  # module.eks.aws_eks_access_entry.this["cluster_creator"] will be created
  + resource "aws_eks_access_entry" "this" {
      + access_entry_arn  = (known after apply)
      + cluster_name      = (known after apply)
      + created_at        = (known after apply)
      + id                = (known after apply)
      + kubernetes_groups = (known after apply)
      + modified_at       = (known after apply)
      + principal_arn     = "arn:aws:iam::000000000000:root"
      + tags              = {
          + "Department" = "DevOps"
          + "Name"       = "boaz"
          + "Owner"      = "Nati"
          + "Temp"       = "True"
        }
      + tags_all          = {
          + "Department" = "DevOps"
          + "Name"       = "boaz"
          + "Owner"      = "Nati"
          + "Temp"       = "True"
        }
      + type              = "STANDARD"
      + user_name         = (known after apply)
    }

  # module.eks.aws_eks_access_policy_association.this["cluster_creator_admin"] will be created
  + resource "aws_eks_access_policy_association" "this" {
      + associated_at = (known after apply)
      + cluster_name  = (known after apply)
      + id            = (known after apply)
      + modified_at   = (known after apply)
      + policy_arn    = "arn:aws:eks::aws:cluster-access-policy/AmazonEKSClusterAdminPolicy"
      + principal_arn = "arn:aws:iam::000000000000:root"

      + access_scope {
          + type = "cluster"
        }
    }

  # module.eks.aws_eks_addon.this["aws-ebs-csi-driver"] will be created
  + resource "aws_eks_addon" "this" {
      + addon_name                  = "aws-ebs-csi-driver"
      + addon_version               = (known after apply)
      + arn                         = (known after apply)
      + cluster_name                = (known after apply)
      + configuration_values        = (known after apply)
      + created_at                  = (known after apply)
      + id                          = (known after apply)
      + modified_at                 = (known after apply)
      + preserve                    = true
      + resolve_conflicts_on_create = "OVERWRITE"
      + resolve_conflicts_on_update = "OVERWRITE"
      + service_account_role_arn    = (known after apply)
      + tags                        = {
          + "Department" = "DevOps"
          + "Name"       = "boaz"
          + "Owner"      = "Nati"
          + "Temp"       = "True"
        }
      + tags_all                    = {
          + "Department" = "DevOps"
          + "Name"       = "boaz"
          + "Owner"      = "Nati"
          + "Temp"       = "True"
        }

      + timeouts {}
    }

  # module.eks.aws_eks_cluster.this[0] will be created
  + resource "aws_eks_cluster" "this" {
      + arn                       = (known after apply)
      + certificate_authority     = (known after apply)
      + cluster_id                = (known after apply)
      + created_at                = (known after apply)
      + enabled_cluster_log_types = [
          + "api",
          + "audit",
          + "authenticator",
        ]
      + endpoint                  = (known after apply)
      + id                        = (known after apply)
      + identity                  = (known after apply)
      + name                      = (known after apply)
      + platform_version          = (known after apply)
      + role_arn                  = (known after apply)
      + status                    = (known after apply)
      + tags                      = {
          + "Department"            = "DevOps"
          + "Name"                  = "boaz"
          + "Owner"                 = "Nati"
          + "Temp"                  = "True"
          + "terraform-aws-modules" = "eks"
        }
      + tags_all                  = {
          + "Department"            = "DevOps"
          + "Name"                  = "boaz"
          + "Owner"                 = "Nati"
          + "Temp"                  = "True"
          + "terraform-aws-modules" = "eks"
        }
      + version                   = "1.29"

      + access_config {
          + authentication_mode                         = "API_AND_CONFIG_MAP"
          + bootstrap_cluster_creator_admin_permissions = false
        }

      + encryption_config {
          + resources = [
              + "secrets",
            ]

          + provider {
              + key_arn = (known after apply)
            }
        }

      + kubernetes_network_config {
          + ip_family         = "ipv4"
          + service_ipv4_cidr = (known after apply)
          + service_ipv6_cidr = (known after apply)
        }

      + timeouts {}

      + vpc_config {
          + cluster_security_group_id = (known after apply)
          + endpoint_private_access   = true
          + endpoint_public_access    = true
          + public_access_cidrs       = [
              + "0.0.0.0/0",
            ]
          + security_group_ids        = (known after apply)
          + subnet_ids                = (known after apply)
          + vpc_id                    = (known after apply)
        }
    }

  # module.eks.aws_iam_openid_connect_provider.oidc_provider[0] will be created
  + resource "aws_iam_openid_connect_provider" "oidc_provider" {
      + arn             = (known after apply)
      + client_id_list  = [
          + "sts.amazonaws.com",
        ]
      + id              = (known after apply)
      + tags            = {
          + "Department" = "DevOps"
          + "Name"       = "boaz"
          + "Owner"      = "Nati"
          + "Temp"       = "True"
        }
      + tags_all        = {
          + "Department" = "DevOps"
          + "Name"       = "boaz"
          + "Owner"      = "Nati"
          + "Temp"       = "True"
        }
      + thumbprint_list = (known after apply)
      + url             = (known after apply)
    }

  # module.eks.aws_iam_policy.cluster_encryption[0] will be created
  + resource "aws_iam_policy" "cluster_encryption" {
      + arn              = (known after apply)
      + attachment_count = (known after apply)
      + description      = "Cluster encryption policy to allow cluster role to utilize CMK provided"
      + id               = (known after apply)
      + name             = (known after apply)
      + name_prefix      = (known after apply)
      + path             = "/"
      + policy           = (known after apply)
      + policy_id        = (known after apply)
      + tags             = {
          + "Department" = "DevOps"
          + "Name"       = "boaz"
          + "Owner"      = "Nati"
          + "Temp"       = "True"
        }
      + tags_all         = {
          + "Department" = "DevOps"
          + "Name"       = "boaz"
          + "Owner"      = "Nati"
          + "Temp"       = "True"
        }
    }

  # module.eks.aws_iam_role.this[0] will be created
  + resource "aws_iam_role" "this" {
      + arn                   = (known after apply)
      + assume_role_policy    = jsonencode(
            {
              + Statement = [
                  + {
                      + Action    = "sts:AssumeRole"
                      + Effect    = "Allow"
                      + Principal = {
                          + Service = "eks.amazonaws.com"
                        }
                      + Sid       = "EKSClusterAssumeRole"
                    },
                ]
              + Version   = "2012-10-17"
            }
        )
      + create_date           = (known after apply)
      + force_detach_policies = true
      + id                    = (known after apply)
      + managed_policy_arns   = (known after apply)
      + max_session_duration  = 3600
      + name                  = (known after apply)
      + name_prefix           = (known after apply)
      + path                  = "/"
      + tags                  = {
          + "Department" = "DevOps"
          + "Name"       = "boaz"
          + "Owner"      = "Nati"
          + "Temp"       = "True"
        }
      + tags_all              = {
          + "Department" = "DevOps"
          + "Name"       = "boaz"
          + "Owner"      = "Nati"
          + "Temp"       = "True"
        }
      + unique_id             = (known after apply)

      + inline_policy {
          + name   = (known after apply)
          + policy = jsonencode(
                {
                  + Statement = [
                      + {
                          + Action   = [
                              + "logs:CreateLogGroup",
                            ]
                          + Effect   = "Deny"
                          + Resource = "*"
                        },
                    ]
                  + Version   = "2012-10-17"
                }
            )
        }
    }

  # module.eks.aws_iam_role_policy_attachment.cluster_encryption[0] will be created
  + resource "aws_iam_role_policy_attachment" "cluster_encryption" {
      + id         = (known after apply)
      + policy_arn = (known after apply)
      + role       = (known after apply)
    }

  # module.eks.aws_iam_role_policy_attachment.this["AmazonEKSClusterPolicy"] will be created
  + resource "aws_iam_role_policy_attachment" "this" {
      + id         = (known after apply)
      + policy_arn = "arn:aws:iam::aws:policy/AmazonEKSClusterPolicy"
      + role       = (known after apply)
    }

  # module.eks.aws_iam_role_policy_attachment.this["AmazonEKSVPCResourceController"] will be created
  + resource "aws_iam_role_policy_attachment" "this" {
      + id         = (known after apply)
      + policy_arn = "arn:aws:iam::aws:policy/AmazonEKSVPCResourceController"
      + role       = (known after apply)
    }

  # module.eks.aws_security_group.cluster[0] will be created
  + resource "aws_security_group" "cluster" {
      + arn                    = (known after apply)
      + description            = "EKS cluster security group"
      + egress                 = (known after apply)
      + id                     = (known after apply)
      + ingress                = (known after apply)
      + name                   = (known after apply)
      + name_prefix            = (known after apply)
      + owner_id               = (known after apply)
      + revoke_rules_on_delete = false
      + tags                   = (known after apply)
      + tags_all               = (known after apply)
      + vpc_id                 = (known after apply)
    }

  # module.eks.aws_security_group.node[0] will be created
  + resource "aws_security_group" "node" {
      + arn                    = (known after apply)
      + description            = "EKS node shared security group"
      + egress                 = (known after apply)
      + id                     = (known after apply)
      + ingress                = (known after apply)
      + name                   = (known after apply)
      + name_prefix            = (known after apply)
      + owner_id               = (known after apply)
      + revoke_rules_on_delete = false
      + tags                   = (known after apply)
      + tags_all               = (known after apply)
      + vpc_id                 = (known after apply)
    }

  # module.eks.aws_security_group_rule.cluster["ingress_nodes_443"] will be created
  + resource "aws_security_group_rule" "cluster" {
      + description              = "Node groups to cluster API"
      + from_port                = 443
      + id                       = (known after apply)
      + protocol                 = "tcp"
      + security_group_id        = (known after apply)
      + security_group_rule_id   = (known after apply)
      + self                     = false
      + source_security_group_id = (known after apply)
      + to_port                  = 443
      + type                     = "ingress"
    }

  # module.eks.aws_security_group_rule.node["egress_all"] will be created
  + resource "aws_security_group_rule" "node" {
      + cidr_blocks              = [
          + "0.0.0.0/0",
        ]
      + description              = "Allow all egress"
      + from_port                = 0
      + id                       = (known after apply)
      + prefix_list_ids          = []
      + protocol                 = "-1"
      + security_group_id        = (known after apply)
      + security_group_rule_id   = (known after apply)
      + self                     = false
      + source_security_group_id = (known after apply)
      + to_port                  = 0
      + type                     = "egress"
    }

  # module.eks.aws_security_group_rule.node["ingress_cluster_443"] will be created
  + resource "aws_security_group_rule" "node" {
      + description              = "Cluster API to node groups"
      + from_port                = 443
      + id                       = (known after apply)
      + prefix_list_ids          = []
      + protocol                 = "tcp"
      + security_group_id        = (known after apply)
      + security_group_rule_id   = (known after apply)
      + self                     = false
      + source_security_group_id = (known after apply)
      + to_port                  = 443
      + type                     = "ingress"
    }

  # module.eks.aws_security_group_rule.node["ingress_cluster_4443_webhook"] will be created
  + resource "aws_security_group_rule" "node" {
      + description              = "Cluster API to node 4443/tcp webhook"
      + from_port                = 4443
      + id                       = (known after apply)
      + prefix_list_ids          = []
      + protocol                 = "tcp"
      + security_group_id        = (known after apply)
      + security_group_rule_id   = (known after apply)
      + self                     = false
      + source_security_group_id = (known after apply)
      + to_port                  = 4443
      + type                     = "ingress"
    }

  # module.eks.aws_security_group_rule.node["ingress_cluster_6443_webhook"] will be created
  + resource "aws_security_group_rule" "node" {
      + description              = "Cluster API to node 6443/tcp webhook"
      + from_port                = 6443
      + id                       = (known after apply)
      + prefix_list_ids          = []
      + protocol                 = "tcp"
      + security_group_id        = (known after apply)
      + security_group_rule_id   = (known after apply)
      + self                     = false
      + source_security_group_id = (known after apply)
      + to_port                  = 6443
      + type                     = "ingress"
    }

  # module.eks.aws_security_group_rule.node["ingress_cluster_8443_webhook"] will be created
  + resource "aws_security_group_rule" "node" {
      + description              = "Cluster API to node 8443/tcp webhook"
      + from_port                = 8443
      + id                       = (known after apply)
      + prefix_list_ids          = []
      + protocol                 = "tcp"
      + security_group_id        = (known after apply)
      + security_group_rule_id   = (known after apply)
      + self                     = false
      + source_security_group_id = (known after apply)
      + to_port                  = 8443
      + type                     = "ingress"
    }

  # module.eks.aws_security_group_rule.node["ingress_cluster_9443_webhook"] will be created
  + resource "aws_security_group_rule" "node" {
      + description              = "Cluster API to node 9443/tcp webhook"
      + from_port                = 9443
      + id                       = (known after apply)
      + prefix_list_ids          = []
      + protocol                 = "tcp"
      + security_group_id        = (known after apply)
      + security_group_rule_id   = (known after apply)
      + self                     = false
      + source_security_group_id = (known after apply)
      + to_port                  = 9443
      + type                     = "ingress"
    }

  # module.eks.aws_security_group_rule.node["ingress_cluster_kubelet"] will be created
  + resource "aws_security_group_rule" "node" {
      + description              = "Cluster API to node kubelets"
      + from_port                = 10250
      + id                       = (known after apply)
      + prefix_list_ids          = []
      + protocol                 = "tcp"
      + security_group_id        = (known after apply)
      + security_group_rule_id   = (known after apply)
      + self                     = false
      + source_security_group_id = (known after apply)
      + to_port                  = 10250
      + type                     = "ingress"
    }

  # module.eks.aws_security_group_rule.node["ingress_nodes_ephemeral"] will be created
  + resource "aws_security_group_rule" "node" {
      + description              = "Node to node ingress on ephemeral ports"
      + from_port                = 1025
      + id                       = (known after apply)
      + prefix_list_ids          = []
      + protocol                 = "tcp"
      + security_group_id        = (known after apply)
      + security_group_rule_id   = (known after apply)
      + self                     = true
      + source_security_group_id = (known after apply)
      + to_port                  = 65535
      + type                     = "ingress"
    }

  # module.eks.aws_security_group_rule.node["ingress_self_coredns_tcp"] will be created
  + resource "aws_security_group_rule" "node" {
      + description              = "Node to node CoreDNS"
      + from_port                = 53
      + id                       = (known after apply)
      + prefix_list_ids          = []
      + protocol                 = "tcp"
      + security_group_id        = (known after apply)
      + security_group_rule_id   = (known after apply)
      + self                     = true
      + source_security_group_id = (known after apply)
      + to_port                  = 53
      + type                     = "ingress"
    }

  # module.eks.aws_security_group_rule.node["ingress_self_coredns_udp"] will be created
  + resource "aws_security_group_rule" "node" {
      + description              = "Node to node CoreDNS UDP"
      + from_port                = 53
      + id                       = (known after apply)
      + prefix_list_ids          = []
      + protocol                 = "udp"
      + security_group_id        = (known after apply)
      + security_group_rule_id   = (known after apply)
      + self                     = true
      + source_security_group_id = (known after apply)
      + to_port                  = 53
      + type                     = "ingress"
    }

  # module.eks.time_sleep.this[0] will be created
  + resource "time_sleep" "this" {
      + create_duration = "30s"
      + id              = (known after apply)
      + triggers        = {
          + "cluster_certificate_authority_data" = (known after apply)
          + "cluster_endpoint"                   = (known after apply)
          + "cluster_name"                       = (known after apply)
          + "cluster_service_cidr"               = (known after apply)
          + "cluster_version"                    = "1.29"
        }
    }

  # module.irsa-ebs-csi.data.aws_iam_policy_document.assume_role_with_oidc[0] will be read during apply
  # (config refers to values not yet known)
 <= data "aws_iam_policy_document" "assume_role_with_oidc" {
      + id   = (known after apply)
      + json = (known after apply)

      + statement (known after apply)
    }

  # module.irsa-ebs-csi.aws_iam_role.this[0] will be created
  + resource "aws_iam_role" "this" {
      + arn                   = (known after apply)
      + assume_role_policy    = (known after apply)
      + create_date           = (known after apply)
      + force_detach_policies = false
      + id                    = (known after apply)
      + managed_policy_arns   = (known after apply)
      + max_session_duration  = 3600
      + name                  = (known after apply)
      + name_prefix           = (known after apply)
      + path                  = "/"
      + tags                  = {
          + "Department" = "DevOps"
          + "Name"       = "boaz"
          + "Owner"      = "Nati"
          + "Temp"       = "True"
        }
      + tags_all              = {
          + "Department" = "DevOps"
          + "Name"       = "boaz"
          + "Owner"      = "Nati"
          + "Temp"       = "True"
        }
      + unique_id             = (known after apply)
        # (2 unchanged attributes hidden)

      + inline_policy (known after apply)
    }

  # module.irsa-ebs-csi.aws_iam_role_policy_attachment.custom[0] will be created
  + resource "aws_iam_role_policy_attachment" "custom" {
      + id         = (known after apply)
      + policy_arn = "arn:aws:iam::aws:policy/service-role/AmazonEBSCSIDriverPolicy"
      + role       = (known after apply)
    }

  # module.vpc.aws_default_network_acl.this[0] will be created
  + resource "aws_default_network_acl" "this" {
      + arn                    = (known after apply)
      + default_network_acl_id = (known after apply)
      + id                     = (known after apply)
      + owner_id               = (known after apply)
      + tags                   = {
          + "Department" = "DevOps"
          + "Name"       = "boaz"
          + "Owner"      = "Nati"
          + "Temp"       = "True"
        }
      + tags_all               = {
          + "Department" = "DevOps"
          + "Name"       = "boaz"
          + "Owner"      = "Nati"
          + "Temp"       = "True"
        }
      + vpc_id                 = (known after apply)

      + egress {
          + action          = "allow"
          + from_port       = 0
          + ipv6_cidr_block = "::/0"
          + protocol        = "-1"
          + rule_no         = 101
          + to_port         = 0
            # (1 unchanged attribute hidden)
        }
      + egress {
          + action          = "allow"
          + cidr_block      = "0.0.0.0/0"
          + from_port       = 0
          + protocol        = "-1"
          + rule_no         = 100
          + to_port         = 0
            # (1 unchanged attribute hidden)
        }

      + ingress {
          + action          = "allow"
          + from_port       = 0
          + ipv6_cidr_block = "::/0"
          + protocol        = "-1"
          + rule_no         = 101
          + to_port         = 0
            # (1 unchanged attribute hidden)
        }
      + ingress {
          + action          = "allow"
          + cidr_block      = "0.0.0.0/0"
          + from_port       = 0
          + protocol        = "-1"
          + rule_no         = 100
          + to_port         = 0
            # (1 unchanged attribute hidden)
        }
    }

  # module.vpc.aws_default_route_table.default[0] will be created
  + resource "aws_default_route_table" "default" {
      + arn                    = (known after apply)
      + default_route_table_id = (known after apply)
      + id                     = (known after apply)
      + owner_id               = (known after apply)
      + route                  = (known after apply)
      + tags                   = {
          + "Department" = "DevOps"
          + "Name"       = "boaz"
          + "Owner"      = "Nati"
          + "Temp"       = "True"
        }
      + tags_all               = {
          + "Department" = "DevOps"
          + "Name"       = "boaz"
          + "Owner"      = "Nati"
          + "Temp"       = "True"
        }
      + vpc_id                 = (known after apply)

      + timeouts {
          + create = "5m"
          + update = "5m"
        }
    }

  # module.vpc.aws_default_security_group.this[0] will be created
  + resource "aws_default_security_group" "this" {
      + arn                    = (known after apply)
      + description            = (known after apply)
      + egress                 = (known after apply)
      + id                     = (known after apply)
      + ingress                = (known after apply)
      + name                   = (known after apply)
      + name_prefix            = (known after apply)
      + owner_id               = (known after apply)
      + revoke_rules_on_delete = false
      + tags                   = {
          + "Department" = "DevOps"
          + "Name"       = "boaz"
          + "Owner"      = "Nati"
          + "Temp"       = "True"
        }
      + tags_all               = {
          + "Department" = "DevOps"
          + "Name"       = "boaz"
          + "Owner"      = "Nati"
          + "Temp"       = "True"
        }
      + vpc_id                 = (known after apply)
    }

  # module.vpc.aws_eip.nat[0] will be created
  + resource "aws_eip" "nat" {
      + allocation_id        = (known after apply)
      + arn                  = (known after apply)
      + association_id       = (known after apply)
      + carrier_ip           = (known after apply)
      + customer_owned_ip    = (known after apply)
      + domain               = "vpc"
      + id                   = (known after apply)
      + instance             = (known after apply)
      + network_border_group = (known after apply)
      + network_interface    = (known after apply)
      + private_dns          = (known after apply)
      + private_ip           = (known after apply)
      + ptr_record           = (known after apply)
      + public_dns           = (known after apply)
      + public_ip            = (known after apply)
      + public_ipv4_pool     = (known after apply)
      + tags                 = {
          + "Department" = "DevOps"
          + "Name"       = "boaz"
          + "Owner"      = "Nati"
          + "Temp"       = "True"
        }
      + tags_all             = {
          + "Department" = "DevOps"
          + "Name"       = "boaz"
          + "Owner"      = "Nati"
          + "Temp"       = "True"
        }
      + vpc                  = (known after apply)
    }

  # module.vpc.aws_internet_gateway.this[0] will be created
  + resource "aws_internet_gateway" "this" {
      + arn      = (known after apply)
      + id       = (known after apply)
      + owner_id = (known after apply)
      + tags     = {
          + "Department" = "DevOps"
          + "Name"       = "boaz"
          + "Owner"      = "Nati"
          + "Temp"       = "True"
        }
      + tags_all = {
          + "Department" = "DevOps"
          + "Name"       = "boaz"
          + "Owner"      = "Nati"
          + "Temp"       = "True"
        }
      + vpc_id   = (known after apply)
    }

  # module.vpc.aws_nat_gateway.this[0] will be created
  + resource "aws_nat_gateway" "this" {
      + allocation_id                      = (known after apply)
      + association_id                     = (known after apply)
      + connectivity_type                  = "public"
      + id                                 = (known after apply)
      + network_interface_id               = (known after apply)
      + private_ip                         = (known after apply)
      + public_ip                          = (known after apply)
      + secondary_private_ip_address_count = (known after apply)
      + secondary_private_ip_addresses     = (known after apply)
      + subnet_id                          = (known after apply)
      + tags                               = {
          + "Department" = "DevOps"
          + "Name"       = "boaz"
          + "Owner"      = "Nati"
          + "Temp"       = "True"
        }
      + tags_all                           = {
          + "Department" = "DevOps"
          + "Name"       = "boaz"
          + "Owner"      = "Nati"
          + "Temp"       = "True"
        }
    }

  # module.vpc.aws_route.private_nat_gateway[0] will be created
  + resource "aws_route" "private_nat_gateway" {
      + destination_cidr_block = "0.0.0.0/0"
      + id                     = (known after apply)
      + instance_id            = (known after apply)
      + instance_owner_id      = (known after apply)
      + nat_gateway_id         = (known after apply)
      + network_interface_id   = (known after apply)
      + origin                 = (known after apply)
      + route_table_id         = (known after apply)
      + state                  = (known after apply)

      + timeouts {
          + create = "5m"
        }
    }

  # module.vpc.aws_route.public_internet_gateway[0] will be created
  + resource "aws_route" "public_internet_gateway" {
      + destination_cidr_block = "0.0.0.0/0"
      + gateway_id             = (known after apply)
      + id                     = (known after apply)
      + instance_id            = (known after apply)
      + instance_owner_id      = (known after apply)
      + network_interface_id   = (known after apply)
      + origin                 = (known after apply)
      + route_table_id         = (known after apply)
      + state                  = (known after apply)

      + timeouts {
          + create = "5m"
        }
    }

  # module.vpc.aws_route_table.private[0] will be created
  + resource "aws_route_table" "private" {
      + arn              = (known after apply)
      + id               = (known after apply)
      + owner_id         = (known after apply)
      + propagating_vgws = (known after apply)
      + route            = (known after apply)
      + tags             = {
          + "Department" = "DevOps"
          + "Name"       = "boaz"
          + "Owner"      = "Nati"
          + "Temp"       = "True"
        }
      + tags_all         = {
          + "Department" = "DevOps"
          + "Name"       = "boaz"
          + "Owner"      = "Nati"
          + "Temp"       = "True"
        }
      + vpc_id           = (known after apply)
    }

  # module.vpc.aws_route_table.public[0] will be created
  + resource "aws_route_table" "public" {
      + arn              = (known after apply)
      + id               = (known after apply)
      + owner_id         = (known after apply)
      + propagating_vgws = (known after apply)
      + route            = (known after apply)
      + tags             = {
          + "Department" = "DevOps"
          + "Name"       = "boaz"
          + "Owner"      = "Nati"
          + "Temp"       = "True"
        }
      + tags_all         = {
          + "Department" = "DevOps"
          + "Name"       = "boaz"
          + "Owner"      = "Nati"
          + "Temp"       = "True"
        }
      + vpc_id           = (known after apply)
    }

  # module.vpc.aws_route_table_association.private[0] will be created
  + resource "aws_route_table_association" "private" {
      + id             = (known after apply)
      + route_table_id = (known after apply)
      + subnet_id      = (known after apply)
    }

  # module.vpc.aws_route_table_association.private[1] will be created
  + resource "aws_route_table_association" "private" {
      + id             = (known after apply)
      + route_table_id = (known after apply)
      + subnet_id      = (known after apply)
    }

  # module.vpc.aws_route_table_association.private[2] will be created
  + resource "aws_route_table_association" "private" {
      + id             = (known after apply)
      + route_table_id = (known after apply)
      + subnet_id      = (known after apply)
    }

  # module.vpc.aws_route_table_association.public[0] will be created
  + resource "aws_route_table_association" "public" {
      + id             = (known after apply)
      + route_table_id = (known after apply)
      + subnet_id      = (known after apply)
    }

  # module.vpc.aws_route_table_association.public[1] will be created
  + resource "aws_route_table_association" "public" {
      + id             = (known after apply)
      + route_table_id = (known after apply)
      + subnet_id      = (known after apply)
    }

  # module.vpc.aws_route_table_association.public[2] will be created
  + resource "aws_route_table_association" "public" {
      + id             = (known after apply)
      + route_table_id = (known after apply)
      + subnet_id      = (known after apply)
    }

  # module.vpc.aws_subnet.private[0] will be created
  + resource "aws_subnet" "private" {
      + arn                                            = (known after apply)
      + assign_ipv6_address_on_creation                = false
      + availability_zone                              = "eu-central-1a"
      + availability_zone_id                           = (known after apply)
      + cidr_block                                     = "10.0.1.0/24"
      + enable_dns64                                   = false
      + enable_resource_name_dns_a_record_on_launch    = false
      + enable_resource_name_dns_aaaa_record_on_launch = false
      + id                                             = (known after apply)
      + ipv6_cidr_block_association_id                 = (known after apply)
      + ipv6_native                                    = false
      + map_public_ip_on_launch                        = false
      + owner_id                                       = (known after apply)
      + private_dns_hostname_type_on_launch            = (known after apply)
      + tags                                           = {
          + "Department"                      = "DevOps"
          + "Name"                            = "boaz"
          + "Owner"                           = "Nati"
          + "Temp"                            = "True"
          + "kubernetes.io/role/internal-elb" = "1"
        }
      + tags_all                                       = {
          + "Department"                      = "DevOps"
          + "Name"                            = "boaz"
          + "Owner"                           = "Nati"
          + "Temp"                            = "True"
          + "kubernetes.io/role/internal-elb" = "1"
        }
      + vpc_id                                         = (known after apply)
    }

  # module.vpc.aws_subnet.private[1] will be created
  + resource "aws_subnet" "private" {
      + arn                                            = (known after apply)
      + assign_ipv6_address_on_creation                = false
      + availability_zone                              = "eu-central-1b"
      + availability_zone_id                           = (known after apply)
      + cidr_block                                     = "10.0.2.0/24"
      + enable_dns64                                   = false
      + enable_resource_name_dns_a_record_on_launch    = false
      + enable_resource_name_dns_aaaa_record_on_launch = false
      + id                                             = (known after apply)
      + ipv6_cidr_block_association_id                 = (known after apply)
      + ipv6_native                                    = false
      + map_public_ip_on_launch                        = false
      + owner_id                                       = (known after apply)
      + private_dns_hostname_type_on_launch            = (known after apply)
      + tags                                           = {
          + "Department"                      = "DevOps"
          + "Name"                            = "boaz"
          + "Owner"                           = "Nati"
          + "Temp"                            = "True"
          + "kubernetes.io/role/internal-elb" = "1"
        }
      + tags_all                                       = {
          + "Department"                      = "DevOps"
          + "Name"                            = "boaz"
          + "Owner"                           = "Nati"
          + "Temp"                            = "True"
          + "kubernetes.io/role/internal-elb" = "1"
        }
      + vpc_id                                         = (known after apply)
    }

  # module.vpc.aws_subnet.private[2] will be created
  + resource "aws_subnet" "private" {
      + arn                                            = (known after apply)
      + assign_ipv6_address_on_creation                = false
      + availability_zone                              = "eu-central-1c"
      + availability_zone_id                           = (known after apply)
      + cidr_block                                     = "10.0.3.0/24"
      + enable_dns64                                   = false
      + enable_resource_name_dns_a_record_on_launch    = false
      + enable_resource_name_dns_aaaa_record_on_launch = false
      + id                                             = (known after apply)
      + ipv6_cidr_block_association_id                 = (known after apply)
      + ipv6_native                                    = false
      + map_public_ip_on_launch                        = false
      + owner_id                                       = (known after apply)
      + private_dns_hostname_type_on_launch            = (known after apply)
      + tags                                           = {
          + "Department"                      = "DevOps"
          + "Name"                            = "boaz"
          + "Owner"                           = "Nati"
          + "Temp"                            = "True"
          + "kubernetes.io/role/internal-elb" = "1"
        }
      + tags_all                                       = {
          + "Department"                      = "DevOps"
          + "Name"                            = "boaz"
          + "Owner"                           = "Nati"
          + "Temp"                            = "True"
          + "kubernetes.io/role/internal-elb" = "1"
        }
      + vpc_id                                         = (known after apply)
    }

  # module.vpc.aws_subnet.public[0] will be created
  + resource "aws_subnet" "public" {
      + arn                                            = (known after apply)
      + assign_ipv6_address_on_creation                = false
      + availability_zone                              = "eu-central-1a"
      + availability_zone_id                           = (known after apply)
      + cidr_block                                     = "10.0.4.0/24"
      + enable_dns64                                   = false
      + enable_resource_name_dns_a_record_on_launch    = false
      + enable_resource_name_dns_aaaa_record_on_launch = false
      + id                                             = (known after apply)
      + ipv6_cidr_block_association_id                 = (known after apply)
      + ipv6_native                                    = false
      + map_public_ip_on_launch                        = false
      + owner_id                                       = (known after apply)
      + private_dns_hostname_type_on_launch            = (known after apply)
      + tags                                           = {
          + "Department"             = "DevOps"
          + "Name"                   = "boaz"
          + "Owner"                  = "Nati"
          + "Temp"                   = "True"
          + "kubernetes.io/role/elb" = "1"
        }
      + tags_all                                       = {
          + "Department"             = "DevOps"
          + "Name"                   = "boaz"
          + "Owner"                  = "Nati"
          + "Temp"                   = "True"
          + "kubernetes.io/role/elb" = "1"
        }
      + vpc_id                                         = (known after apply)
    }

  # module.vpc.aws_subnet.public[1] will be created
  + resource "aws_subnet" "public" {
      + arn                                            = (known after apply)
      + assign_ipv6_address_on_creation                = false
      + availability_zone                              = "eu-central-1b"
      + availability_zone_id                           = (known after apply)
      + cidr_block                                     = "10.0.5.0/24"
      + enable_dns64                                   = false
      + enable_resource_name_dns_a_record_on_launch    = false
      + enable_resource_name_dns_aaaa_record_on_launch = false
      + id                                             = (known after apply)
      + ipv6_cidr_block_association_id                 = (known after apply)
      + ipv6_native                                    = false
      + map_public_ip_on_launch                        = false
      + owner_id                                       = (known after apply)
      + private_dns_hostname_type_on_launch            = (known after apply)
      + tags                                           = {
          + "Department"             = "DevOps"
          + "Name"                   = "boaz"
          + "Owner"                  = "Nati"
          + "Temp"                   = "True"
          + "kubernetes.io/role/elb" = "1"
        }
      + tags_all                                       = {
          + "Department"             = "DevOps"
          + "Name"                   = "boaz"
          + "Owner"                  = "Nati"
          + "Temp"                   = "True"
          + "kubernetes.io/role/elb" = "1"
        }
      + vpc_id                                         = (known after apply)
    }

  # module.vpc.aws_subnet.public[2] will be created
  + resource "aws_subnet" "public" {
      + arn                                            = (known after apply)
      + assign_ipv6_address_on_creation                = false
      + availability_zone                              = "eu-central-1c"
      + availability_zone_id                           = (known after apply)
      + cidr_block                                     = "10.0.6.0/24"
      + enable_dns64                                   = false
      + enable_resource_name_dns_a_record_on_launch    = false
      + enable_resource_name_dns_aaaa_record_on_launch = false
      + id                                             = (known after apply)
      + ipv6_cidr_block_association_id                 = (known after apply)
      + ipv6_native                                    = false
      + map_public_ip_on_launch                        = false
      + owner_id                                       = (known after apply)
      + private_dns_hostname_type_on_launch            = (known after apply)
      + tags                                           = {
          + "Department"             = "DevOps"
          + "Name"                   = "boaz"
          + "Owner"                  = "Nati"
          + "Temp"                   = "True"
          + "kubernetes.io/role/elb" = "1"
        }
      + tags_all                                       = {
          + "Department"             = "DevOps"
          + "Name"                   = "boaz"
          + "Owner"                  = "Nati"
          + "Temp"                   = "True"
          + "kubernetes.io/role/elb" = "1"
        }
      + vpc_id                                         = (known after apply)
    }

  # module.vpc.aws_vpc.this[0] will be created
  + resource "aws_vpc" "this" {
      + arn                                  = (known after apply)
      + cidr_block                           = "10.0.0.0/16"
      + default_network_acl_id               = (known after apply)
      + default_route_table_id               = (known after apply)
      + default_security_group_id            = (known after apply)
      + dhcp_options_id                      = (known after apply)
      + enable_dns_hostnames                 = true
      + enable_dns_support                   = true
      + enable_network_address_usage_metrics = (known after apply)
      + id                                   = (known after apply)
      + instance_tenancy                     = "default"
      + ipv6_association_id                  = (known after apply)
      + ipv6_cidr_block                      = (known after apply)
      + ipv6_cidr_block_network_border_group = (known after apply)
      + main_route_table_id                  = (known after apply)
      + owner_id                             = (known after apply)
      + tags                                 = {
          + "Department" = "DevOps"
          + "Name"       = "boaz"
          + "Owner"      = "Nati"
          + "Temp"       = "True"
        }
      + tags_all                             = {
          + "Department" = "DevOps"
          + "Name"       = "boaz"
          + "Owner"      = "Nati"
          + "Temp"       = "True"
        }
    }

  # module.eks.module.eks_managed_node_group["one"].aws_eks_node_group.this[0] will be created
  + resource "aws_eks_node_group" "this" {
      + ami_type               = "AL2_x86_64"
      + arn                    = (known after apply)
      + capacity_type          = (known after apply)
      + cluster_name           = (known after apply)
      + disk_size              = (known after apply)
      + id                     = (known after apply)
      + instance_types         = [
          + "t3.small",
        ]
      + node_group_name        = (known after apply)
      + node_group_name_prefix = "boaz-eks-node-group-1-"
      + node_role_arn          = (known after apply)
      + release_version        = (known after apply)
      + resources              = (known after apply)
      + status                 = (known after apply)
      + subnet_ids             = (known after apply)
      + tags                   = {
          + "Department" = "DevOps"
          + "Name"       = "boaz-eks-node-group-1"
          + "Owner"      = "Nati"
          + "Temp"       = "True"
        }
      + tags_all               = {
          + "Department" = "DevOps"
          + "Name"       = "boaz-eks-node-group-1"
          + "Owner"      = "Nati"
          + "Temp"       = "True"
        }
      + version                = "1.29"

      + launch_template {
          + id      = (known after apply)
          + name    = (known after apply)
          + version = (known after apply)
        }

      + scaling_config {
          + desired_size = 1
          + max_size     = 1
          + min_size     = 1
        }

      + timeouts {}

      + update_config {
          + max_unavailable_percentage = 33
        }
    }

  # module.eks.module.eks_managed_node_group["one"].aws_iam_role.this[0] will be created
  + resource "aws_iam_role" "this" {
      + arn                   = (known after apply)
      + assume_role_policy    = jsonencode(
            {
              + Statement = [
                  + {
                      + Action    = "sts:AssumeRole"
                      + Effect    = "Allow"
                      + Principal = {
                          + Service = "ec2.amazonaws.com"
                        }
                      + Sid       = "EKSNodeAssumeRole"
                    },
                ]
              + Version   = "2012-10-17"
            }
        )
      + create_date           = (known after apply)
      + description           = "EKS managed node group IAM role"
      + force_detach_policies = true
      + id                    = (known after apply)
      + managed_policy_arns   = (known after apply)
      + max_session_duration  = 3600
      + name                  = (known after apply)
      + name_prefix           = "boaz-eks-node-group-1-eks-node-group-"
      + path                  = "/"
      + tags                  = {
          + "Department" = "DevOps"
          + "Name"       = "boaz"
          + "Owner"      = "Nati"
          + "Temp"       = "True"
        }
      + tags_all              = {
          + "Department" = "DevOps"
          + "Name"       = "boaz"
          + "Owner"      = "Nati"
          + "Temp"       = "True"
        }
      + unique_id             = (known after apply)

      + inline_policy (known after apply)
    }

  # module.eks.module.eks_managed_node_group["one"].aws_iam_role_policy_attachment.this["AmazonEC2ContainerRegistryReadOnly"] will be created
  + resource "aws_iam_role_policy_attachment" "this" {
      + id         = (known after apply)
      + policy_arn = "arn:aws:iam::aws:policy/AmazonEC2ContainerRegistryReadOnly"
      + role       = (known after apply)
    }

  # module.eks.module.eks_managed_node_group["one"].aws_iam_role_policy_attachment.this["AmazonEKSWorkerNodePolicy"] will be created
  + resource "aws_iam_role_policy_attachment" "this" {
      + id         = (known after apply)
      + policy_arn = "arn:aws:iam::aws:policy/AmazonEKSWorkerNodePolicy"
      + role       = (known after apply)
    }

  # module.eks.module.eks_managed_node_group["one"].aws_iam_role_policy_attachment.this["AmazonEKS_CNI_Policy"] will be created
  + resource "aws_iam_role_policy_attachment" "this" {
      + id         = (known after apply)
      + policy_arn = "arn:aws:iam::aws:policy/AmazonEKS_CNI_Policy"
      + role       = (known after apply)
    }

  # module.eks.module.eks_managed_node_group["one"].aws_launch_template.this[0] will be created
  + resource "aws_launch_template" "this" {
      + arn                    = (known after apply)
      + default_version        = (known after apply)
      + description            = "Custom launch template for boaz-eks-node-group-1 EKS managed node group"
      + id                     = (known after apply)
      + latest_version         = (known after apply)
      + name                   = (known after apply)
      + name_prefix            = "one-"
      + tags                   = {
          + "Department" = "DevOps"
          + "Name"       = "boaz"
          + "Owner"      = "Nati"
          + "Temp"       = "True"
        }
      + tags_all               = {
          + "Department" = "DevOps"
          + "Name"       = "boaz"
          + "Owner"      = "Nati"
          + "Temp"       = "True"
        }
      + update_default_version = true
      + vpc_security_group_ids = (known after apply)
        # (2 unchanged attributes hidden)

      + block_device_mappings {
          + device_name = "/dev/xvda"

          + ebs {
              + delete_on_termination = "true"
              + encrypted             = "true"
              + iops                  = 3000
              + throughput            = 150
              + volume_size           = 75
              + volume_type           = "gp3"
            }
        }

      + metadata_options {
          + http_endpoint               = "enabled"
          + http_protocol_ipv6          = (known after apply)
          + http_put_response_hop_limit = 2
          + http_tokens                 = "required"
          + instance_metadata_tags      = (known after apply)
        }

      + monitoring {
          + enabled = true
        }

      + tag_specifications {
          + resource_type = "instance"
          + tags          = {
              + "Department" = "DevOps"
              + "Name"       = "boaz-eks-node-group-1"
              + "Owner"      = "Nati"
              + "Temp"       = "True"
            }
        }
      + tag_specifications {
          + resource_type = "network-interface"
          + tags          = {
              + "Department" = "DevOps"
              + "Name"       = "boaz-eks-node-group-1"
              + "Owner"      = "Nati"
              + "Temp"       = "True"
            }
        }
      + tag_specifications {
          + resource_type = "volume"
          + tags          = {
              + "Department" = "DevOps"
              + "Name"       = "boaz-eks-node-group-1"
              + "Owner"      = "Nati"
              + "Temp"       = "True"
            }
        }
    }

  # module.eks.module.eks_managed_node_group["two"].aws_eks_node_group.this[0] will be created
  + resource "aws_eks_node_group" "this" {
      + ami_type               = "AL2_x86_64"
      + arn                    = (known after apply)
      + capacity_type          = (known after apply)
      + cluster_name           = (known after apply)
      + disk_size              = (known after apply)
      + id                     = (known after apply)
      + instance_types         = [
          + "t3.small",
        ]
      + node_group_name        = (known after apply)
      + node_group_name_prefix = "boaz-eks-node-group-2-"
      + node_role_arn          = (known after apply)
      + release_version        = (known after apply)
      + resources              = (known after apply)
      + status                 = (known after apply)
      + subnet_ids             = (known after apply)
      + tags                   = {
          + "Department" = "DevOps"
          + "Name"       = "boaz-eks-node-group-2"
          + "Owner"      = "Nati"
          + "Temp"       = "True"
        }
      + tags_all               = {
          + "Department" = "DevOps"
          + "Name"       = "boaz-eks-node-group-2"
          + "Owner"      = "Nati"
          + "Temp"       = "True"
        }
      + version                = "1.29"

      + launch_template {
          + id      = (known after apply)
          + name    = (known after apply)
          + version = (known after apply)
        }

      + scaling_config {
          + desired_size = 0
          + max_size     = 1
          + min_size     = 0
        }

      + timeouts {}

      + update_config {
          + max_unavailable_percentage = 33
        }
    }

  # module.eks.module.eks_managed_node_group["two"].aws_iam_role.this[0] will be created
  + resource "aws_iam_role" "this" {
      + arn                   = (known after apply)
      + assume_role_policy    = jsonencode(
            {
              + Statement = [
                  + {
                      + Action    = "sts:AssumeRole"
                      + Effect    = "Allow"
                      + Principal = {
                          + Service = "ec2.amazonaws.com"
                        }
                      + Sid       = "EKSNodeAssumeRole"
                    },
                ]
              + Version   = "2012-10-17"
            }
        )
      + create_date           = (known after apply)
      + description           = "EKS managed node group IAM role"
      + force_detach_policies = true
      + id                    = (known after apply)
      + managed_policy_arns   = (known after apply)
      + max_session_duration  = 3600
      + name                  = (known after apply)
      + name_prefix           = "boaz-eks-node-group-2-eks-node-group-"
      + path                  = "/"
      + tags                  = {
          + "Department" = "DevOps"
          + "Name"       = "boaz"
          + "Owner"      = "Nati"
          + "Temp"       = "True"
        }
      + tags_all              = {
          + "Department" = "DevOps"
          + "Name"       = "boaz"
          + "Owner"      = "Nati"
          + "Temp"       = "True"
        }
      + unique_id             = (known after apply)

      + inline_policy (known after apply)
    }

  # module.eks.module.eks_managed_node_group["two"].aws_iam_role_policy_attachment.this["AmazonEC2ContainerRegistryReadOnly"] will be created
  + resource "aws_iam_role_policy_attachment" "this" {
      + id         = (known after apply)
      + policy_arn = "arn:aws:iam::aws:policy/AmazonEC2ContainerRegistryReadOnly"
      + role       = (known after apply)
    }

  # module.eks.module.eks_managed_node_group["two"].aws_iam_role_policy_attachment.this["AmazonEKSWorkerNodePolicy"] will be created
  + resource "aws_iam_role_policy_attachment" "this" {
      + id         = (known after apply)
      + policy_arn = "arn:aws:iam::aws:policy/AmazonEKSWorkerNodePolicy"
      + role       = (known after apply)
    }

  # module.eks.module.eks_managed_node_group["two"].aws_iam_role_policy_attachment.this["AmazonEKS_CNI_Policy"] will be created
  + resource "aws_iam_role_policy_attachment" "this" {
      + id         = (known after apply)
      + policy_arn = "arn:aws:iam::aws:policy/AmazonEKS_CNI_Policy"
      + role       = (known after apply)
    }

  # module.eks.module.eks_managed_node_group["two"].aws_launch_template.this[0] will be created
  + resource "aws_launch_template" "this" {
      + arn                    = (known after apply)
      + default_version        = (known after apply)
      + description            = "Custom launch template for boaz-eks-node-group-2 EKS managed node group"
      + id                     = (known after apply)
      + latest_version         = (known after apply)
      + name                   = (known after apply)
      + name_prefix            = "two-"
      + tags                   = {
          + "Department" = "DevOps"
          + "Name"       = "boaz"
          + "Owner"      = "Nati"
          + "Temp"       = "True"
        }
      + tags_all               = {
          + "Department" = "DevOps"
          + "Name"       = "boaz"
          + "Owner"      = "Nati"
          + "Temp"       = "True"
        }
      + update_default_version = true
      + vpc_security_group_ids = (known after apply)
        # (2 unchanged attributes hidden)

      + block_device_mappings {
          + device_name = "/dev/xvda"

          + ebs {
              + delete_on_termination = "true"
              + encrypted             = "true"
              + iops                  = 3000
              + throughput            = 150
              + volume_size           = 75
              + volume_type           = "gp3"
            }
        }

      + metadata_options {
          + http_endpoint               = "enabled"
          + http_protocol_ipv6          = (known after apply)
          + http_put_response_hop_limit = 2
          + http_tokens                 = "required"
          + instance_metadata_tags      = (known after apply)
        }

      + monitoring {
          + enabled = true
        }

      + tag_specifications {
          + resource_type = "instance"
          + tags          = {
              + "Department" = "DevOps"
              + "Name"       = "boaz-eks-node-group-2"
              + "Owner"      = "Nati"
              + "Temp"       = "True"
            }
        }
      + tag_specifications {
          + resource_type = "network-interface"
          + tags          = {
              + "Department" = "DevOps"
              + "Name"       = "boaz-eks-node-group-2"
              + "Owner"      = "Nati"
              + "Temp"       = "True"
            }
        }
      + tag_specifications {
          + resource_type = "volume"
          + tags          = {
              + "Department" = "DevOps"
              + "Name"       = "boaz-eks-node-group-2"
              + "Owner"      = "Nati"
              + "Temp"       = "True"
            }
        }
    }

  # module.eks.module.kms.data.aws_iam_policy_document.this[0] will be read during apply
  # (config refers to values not yet known)
 <= data "aws_iam_policy_document" "this" {
      + id                        = (known after apply)
      + json                      = (known after apply)
      + override_policy_documents = []
      + source_policy_documents   = []

      + statement {
          + actions   = [
              + "kms:*",
            ]
          + resources = [
              + "*",
            ]
          + sid       = "Default"

          + principals {
              + identifiers = [
                  + "arn:aws:iam::000000000000:root",
                ]
              + type        = "AWS"
            }
        }
      + statement {
          + actions   = [
              + "kms:CancelKeyDeletion",
              + "kms:Create*",
              + "kms:Delete*",
              + "kms:Describe*",
              + "kms:Disable*",
              + "kms:Enable*",
              + "kms:Get*",
              + "kms:ImportKeyMaterial",
              + "kms:List*",
              + "kms:Put*",
              + "kms:ReplicateKey",
              + "kms:Revoke*",
              + "kms:ScheduleKeyDeletion",
              + "kms:TagResource",
              + "kms:UntagResource",
              + "kms:Update*",
            ]
          + resources = [
              + "*",
            ]
          + sid       = "KeyAdministration"

          + principals {
              + identifiers = [
                  + "arn:aws:iam::000000000000:root",
                ]
              + type        = "AWS"
            }
        }
      + statement {
          + actions   = [
              + "kms:Decrypt",
              + "kms:DescribeKey",
              + "kms:Encrypt",
              + "kms:GenerateDataKey*",
              + "kms:ReEncrypt*",
            ]
          + resources = [
              + "*",
            ]
          + sid       = "KeyUsage"

          + principals {
              + identifiers = [
                  + (known after apply),
                ]
              + type        = "AWS"
            }
        }
    }

  # module.eks.module.kms.aws_kms_alias.this["cluster"] will be created
  + resource "aws_kms_alias" "this" {
      + arn            = (known after apply)
      + id             = (known after apply)
      + name           = (known after apply)
      + name_prefix    = (known after apply)
      + target_key_arn = (known after apply)
      + target_key_id  = (known after apply)
    }

  # module.eks.module.kms.aws_kms_key.this[0] will be created
  + resource "aws_kms_key" "this" {
      + arn                                = (known after apply)
      + bypass_policy_lockout_safety_check = false
      + customer_master_key_spec           = "SYMMETRIC_DEFAULT"
      + description                        = (known after apply)
      + enable_key_rotation                = true
      + id                                 = (known after apply)
      + is_enabled                         = true
      + key_id                             = (known after apply)
      + key_usage                          = "ENCRYPT_DECRYPT"
      + multi_region                       = false
      + policy                             = (known after apply)
      + tags                               = {
          + "Department"            = "DevOps"
          + "Name"                  = "boaz"
          + "Owner"                 = "Nati"
          + "Temp"                  = "True"
          + "terraform-aws-modules" = "eks"
        }
      + tags_all                           = {
          + "Department"            = "DevOps"
          + "Name"                  = "boaz"
          + "Owner"                 = "Nati"
          + "Temp"                  = "True"
          + "terraform-aws-modules" = "eks"
        }
    }

  # module.eks.module.eks_managed_node_group["one"].module.user_data.null_resource.validate_cluster_service_cidr will be created
  + resource "null_resource" "validate_cluster_service_cidr" {
      + id = (known after apply)
    }

  # module.eks.module.eks_managed_node_group["two"].module.user_data.null_resource.validate_cluster_service_cidr will be created
  + resource "null_resource" "validate_cluster_service_cidr" {
      + id = (known after apply)
    }

Plan: 70 to add, 0 to change, 0 to destroy.

Changes to Outputs:
  + cluster_endpoint          = (known after apply)
  + cluster_name              = (known after apply)
  + cluster_security_group_id = (known after apply)
  + region                    = "eu-central-1"
random_string.suffix: Creating...
random_string.suffix: Creation complete after 0s [id=3nCedemF]
module.eks.aws_cloudwatch_log_group.this[0]: Creating...
module.vpc.aws_vpc.this[0]: Creating...
module.eks.module.eks_managed_node_group["one"].aws_iam_role.this[0]: Creating...
module.eks.module.eks_managed_node_group["two"].aws_iam_role.this[0]: Creating...
module.eks.aws_iam_role.this[0]: Creating...
module.eks.module.eks_managed_node_group["two"].aws_iam_role.this[0]: Creation complete after 0s [id=boaz-eks-node-group-2-eks-node-group-20260124005519215100000002]
module.eks.module.eks_managed_node_group["one"].aws_iam_role.this[0]: Creation complete after 0s [id=boaz-eks-node-group-1-eks-node-group-20260124005519215100000001]
module.eks.aws_iam_role.this[0]: Creation complete after 0s [id=boaz-eks-3nCedemF-cluster-20260124005519215400000003]
module.eks.module.eks_managed_node_group["one"].aws_iam_role_policy_attachment.this["AmazonEKS_CNI_Policy"]: Creating...
module.eks.module.eks_managed_node_group["two"].aws_iam_role_policy_attachment.this["AmazonEC2ContainerRegistryReadOnly"]: Creating...
module.eks.aws_iam_role_policy_attachment.this["AmazonEKSClusterPolicy"]: Creating...
module.eks.module.eks_managed_node_group["one"].aws_iam_role_policy_attachment.this["AmazonEC2ContainerRegistryReadOnly"]: Creating...
module.eks.module.eks_managed_node_group["one"].aws_iam_role_policy_attachment.this["AmazonEKSWorkerNodePolicy"]: Creating...
module.eks.module.eks_managed_node_group["two"].aws_iam_role_policy_attachment.this["AmazonEKS_CNI_Policy"]: Creating...
module.eks.aws_iam_role_policy_attachment.this["AmazonEKSVPCResourceController"]: Creating...
module.eks.module.eks_managed_node_group["two"].aws_iam_role_policy_attachment.this["AmazonEKSWorkerNodePolicy"]: Creating...
module.eks.module.eks_managed_node_group["two"].aws_iam_role_policy_attachment.this["AmazonEKS_CNI_Policy"]: Creation complete after 0s [id=boaz-eks-node-group-2-eks-node-group-20260124005519215100000002-20260124005519349100000004]
module.eks.aws_iam_role_policy_attachment.this["AmazonEKSVPCResourceController"]: Creation complete after 0s [id=boaz-eks-3nCedemF-cluster-20260124005519215400000003-20260124005519350400000005]
module.eks.module.eks_managed_node_group["one"].aws_iam_role_policy_attachment.this["AmazonEKSWorkerNodePolicy"]: Creation complete after 0s [id=boaz-eks-node-group-1-eks-node-group-20260124005519215100000001-20260124005519368800000007]
module.eks.module.eks_managed_node_group["one"].aws_iam_role_policy_attachment.this["AmazonEKS_CNI_Policy"]: Creation complete after 0s [id=boaz-eks-node-group-1-eks-node-group-20260124005519215100000001-20260124005519359200000006]
module.eks.aws_iam_role_policy_attachment.this["AmazonEKSClusterPolicy"]: Creation complete after 0s [id=boaz-eks-3nCedemF-cluster-20260124005519215400000003-2026012400551937190000000a]
module.eks.module.eks_managed_node_group["two"].aws_iam_role_policy_attachment.this["AmazonEKSWorkerNodePolicy"]: Creation complete after 0s [id=boaz-eks-node-group-2-eks-node-group-20260124005519215100000002-20260124005519371900000009]
module.eks.module.kms.data.aws_iam_policy_document.this[0]: Reading...
module.eks.module.kms.data.aws_iam_policy_document.this[0]: Read complete after 0s [id=2986521392]
module.eks.module.eks_managed_node_group["one"].aws_iam_role_policy_attachment.this["AmazonEC2ContainerRegistryReadOnly"]: Creation complete after 0s [id=boaz-eks-node-group-1-eks-node-group-20260124005519215100000001-20260124005519371900000008]
module.eks.module.eks_managed_node_group["two"].aws_iam_role_policy_attachment.this["AmazonEC2ContainerRegistryReadOnly"]: Creation complete after 0s [id=boaz-eks-node-group-2-eks-node-group-20260124005519215100000002-2026012400551937520000000b]
module.eks.module.kms.aws_kms_key.this[0]: Creating...
module.eks.aws_cloudwatch_log_group.this[0]: Creation complete after 1s [id=/aws/eks/boaz-eks-3nCedemF/cluster]
module.vpc.aws_vpc.this[0]: Still creating... [00m10s elapsed]
module.eks.module.kms.aws_kms_key.this[0]: Still creating... [00m10s elapsed]
module.vpc.aws_vpc.this[0]: Creation complete after 10s [id=vpc-a9bdd6a3b88ff2790]
module.vpc.aws_default_security_group.this[0]: Creating...
module.vpc.aws_route_table.private[0]: Creating...
module.vpc.aws_default_route_table.default[0]: Creating...
module.vpc.aws_subnet.private[0]: Creating...
module.vpc.aws_route_table.public[0]: Creating...
module.vpc.aws_subnet.public[0]: Creating...
module.vpc.aws_subnet.private[2]: Creating...
module.vpc.aws_default_network_acl.this[0]: Creating...
module.vpc.aws_subnet.private[1]: Creating...
module.vpc.aws_default_route_table.default[0]: Creation complete after 1s [id=rtb-7aa0f0b202ce8f061]
module.vpc.aws_subnet.public[0]: Creation complete after 1s [id=subnet-c3c880fa46174cb98]
module.vpc.aws_subnet.private[2]: Creation complete after 1s [id=subnet-720d29eec2a9d989c]
module.vpc.aws_subnet.private[1]: Creation complete after 1s [id=subnet-f242699833271530a]
module.vpc.aws_internet_gateway.this[0]: Creating...
module.vpc.aws_subnet.private[0]: Creation complete after 1s [id=subnet-9b428d2e39f9c6e46]
module.vpc.aws_subnet.public[2]: Creating...
module.vpc.aws_subnet.public[1]: Creating...
module.eks.aws_security_group.cluster[0]: Creating...
module.eks.aws_security_group.node[0]: Creating...
module.vpc.aws_default_security_group.this[0]: Creation complete after 1s [id=sg-8860b4d79c6b0a1e0]
module.vpc.aws_internet_gateway.this[0]: Creation complete after 0s [id=igw-94803cfbfc5591152]
module.vpc.aws_subnet.public[1]: Creation complete after 0s [id=subnet-b403edf3534d078bb]
module.vpc.aws_subnet.public[2]: Creation complete after 0s [id=subnet-d710b0af3a481ab72]
module.vpc.aws_eip.nat[0]: Creating...
module.vpc.aws_route_table.public[0]: Creation complete after 1s [id=rtb-cc1575fbf30fcb05a]
module.vpc.aws_route_table_association.public[2]: Creating...
module.vpc.aws_route_table_association.public[0]: Creating...
module.vpc.aws_route_table_association.public[1]: Creating...
module.vpc.aws_route.public_internet_gateway[0]: Creating...
module.vpc.aws_route_table.private[0]: Creation complete after 1s [id=rtb-6c5297268d9da4b02]
module.vpc.aws_default_network_acl.this[0]: Creation complete after 1s [id=acl-de438688fe3e6e015]
module.vpc.aws_route_table_association.private[0]: Creating...
module.vpc.aws_route_table_association.private[2]: Creating...
module.vpc.aws_route_table_association.public[2]: Creation complete after 0s [id=rtbassoc-077babc957e60a0f5]
module.vpc.aws_route_table_association.private[1]: Creating...
module.vpc.aws_route_table_association.public[1]: Creation complete after 0s [id=rtbassoc-dfa1a188d88d7aeed]
module.vpc.aws_route_table_association.public[0]: Creation complete after 0s [id=rtbassoc-e6feff6badddae4bb]
module.vpc.aws_eip.nat[0]: Creation complete after 0s [id=eipalloc-da39b2fba79adfee8]
module.vpc.aws_route_table_association.private[2]: Creation complete after 0s [id=rtbassoc-9f86a62e23b060b50]
module.vpc.aws_route_table_association.private[0]: Creation complete after 0s [id=rtbassoc-9b3bced298342a3b9]
module.vpc.aws_route_table_association.private[1]: Creation complete after 0s [id=rtbassoc-fbed91f68b2518ec0]
module.vpc.aws_nat_gateway.this[0]: Creating...
module.vpc.aws_nat_gateway.this[0]: Creation complete after 0s [id=nat-b0ba6971031052ec8]
module.vpc.aws_route.private_nat_gateway[0]: Creating...
module.vpc.aws_route.public_internet_gateway[0]: Creation complete after 0s [id=r-rtb-cc1575fbf30fcb05a1080289494]
module.eks.aws_security_group.cluster[0]: Creation complete after 0s [id=sg-953029fb29fb8cbc2]
module.eks.aws_security_group.node[0]: Creation complete after 0s [id=sg-cfd732a8a2e62fda6]
module.eks.aws_security_group_rule.node["ingress_cluster_6443_webhook"]: Creating...
module.eks.aws_security_group_rule.node["ingress_cluster_kubelet"]: Creating...
module.eks.aws_security_group_rule.node["ingress_cluster_8443_webhook"]: Creating...
module.eks.aws_security_group_rule.cluster["ingress_nodes_443"]: Creating...
module.eks.aws_security_group_rule.node["ingress_nodes_ephemeral"]: Creating...
module.eks.aws_security_group_rule.node["ingress_cluster_9443_webhook"]: Creating...
module.eks.aws_security_group_rule.node["ingress_cluster_4443_webhook"]: Creating...
module.eks.aws_security_group_rule.node["ingress_cluster_443"]: Creating...
module.vpc.aws_route.private_nat_gateway[0]: Creation complete after 3s [id=r-rtb-6c5297268d9da4b021080289494]
module.eks.aws_security_group_rule.cluster["ingress_nodes_443"]: Creation complete after 3s [id=sgrule-2843464561]
module.eks.aws_security_group_rule.node["ingress_cluster_6443_webhook"]: Creation complete after 3s [id=sgrule-2435195089]
module.eks.aws_security_group_rule.node["ingress_nodes_ephemeral"]: Creation complete after 3s [id=sgrule-3925515439]
module.eks.aws_security_group_rule.node["ingress_self_coredns_udp"]: Creating...
module.eks.aws_security_group_rule.node["ingress_self_coredns_tcp"]: Creating...
module.eks.aws_security_group_rule.node["ingress_cluster_8443_webhook"]: Creation complete after 3s [id=sgrule-2189040880]
module.eks.aws_security_group_rule.node["ingress_cluster_kubelet"]: Creation complete after 3s [id=sgrule-3114020350]
module.eks.aws_security_group_rule.node["egress_all"]: Creating...
module.eks.aws_security_group_rule.node["ingress_cluster_9443_webhook"]: Creation complete after 3s [id=sgrule-3873124155]
module.eks.aws_security_group_rule.node["ingress_cluster_443"]: Creation complete after 3s [id=sgrule-1586104711]
module.eks.aws_security_group_rule.node["ingress_cluster_4443_webhook"]: Creation complete after 3s [id=sgrule-1482966855]
module.eks.aws_security_group_rule.node["ingress_self_coredns_udp"]: Creation complete after 0s [id=sgrule-1087286132]
module.eks.aws_security_group_rule.node["ingress_self_coredns_tcp"]: Creation complete after 0s [id=sgrule-3834710171]
module.eks.aws_security_group_rule.node["egress_all"]: Creation complete after 1s [id=sgrule-2998376054]
module.eks.module.kms.aws_kms_key.this[0]: Creation complete after 15s [id=9424205d-eea3-40e5-b3fd-a8850c7be231]
module.eks.module.kms.aws_kms_alias.this["cluster"]: Creating...
module.eks.aws_iam_policy.cluster_encryption[0]: Creating...
module.eks.aws_eks_cluster.this[0]: Creating...
module.eks.module.kms.aws_kms_alias.this["cluster"]: Creation complete after 0s [id=alias/eks/boaz-eks-3nCedemF]
module.eks.aws_iam_policy.cluster_encryption[0]: Creation complete after 0s [id=arn:aws:iam::000000000000:policy/boaz-eks-3nCedemF-cluster-ClusterEncryption20260124005534387400000011]
module.eks.aws_iam_role_policy_attachment.cluster_encryption[0]: Creating...
module.eks.aws_iam_role_policy_attachment.cluster_encryption[0]: Creation complete after 0s [id=boaz-eks-3nCedemF-cluster-20260124005519215400000003-20260124005534441600000012]
module.eks.aws_eks_cluster.this[0]: Still creating... [00m10s elapsed]
module.eks.aws_eks_cluster.this[0]: Still creating... [00m20s elapsed]
module.eks.aws_eks_cluster.this[0]: Still creating... [00m30s elapsed]
module.eks.aws_eks_cluster.this[0]: Still creating... [00m40s elapsed]
module.eks.aws_eks_cluster.this[0]: Still creating... [00m50s elapsed]
module.eks.aws_eks_cluster.this[0]: Still creating... [01m00s elapsed]
module.eks.aws_eks_cluster.this[0]: Still creating... [01m10s elapsed]
module.eks.aws_eks_cluster.this[0]: Still creating... [01m20s elapsed]
module.eks.aws_eks_cluster.this[0]: Still creating... [01m30s elapsed]
module.eks.aws_eks_cluster.this[0]: Still creating... [01m40s elapsed]
module.eks.aws_eks_cluster.this[0]: Still creating... [01m50s elapsed]
module.eks.aws_eks_cluster.this[0]: Still creating... [02m00s elapsed]
module.eks.aws_eks_cluster.this[0]: Still creating... [02m10s elapsed]
module.eks.aws_eks_cluster.this[0]: Still creating... [02m20s elapsed]
module.eks.aws_eks_cluster.this[0]: Still creating... [02m30s elapsed]
module.eks.aws_eks_cluster.this[0]: Still creating... [02m40s elapsed]
module.eks.aws_eks_cluster.this[0]: Still creating... [02m50s elapsed]
module.eks.aws_eks_cluster.this[0]: Still creating... [03m00s elapsed]
