data.aws_availability_zones.available: Reading...
data.aws_availability_zones.available: Read complete after 0s [id=us-west-1]

Terraform used the selected providers to generate the following execution
plan. Resource actions are indicated with the following symbols:
  + create

Terraform will perform the following actions:

  # aws_eks_cluster.this will be created
  + resource "aws_eks_cluster" "this" {
      + arn                           = (known after apply)
      + bootstrap_self_managed_addons = true
      + certificate_authority         = (known after apply)
      + cluster_id                    = (known after apply)
      + created_at                    = (known after apply)
      + deletion_protection           = (known after apply)
      + endpoint                      = (known after apply)
      + id                            = (known after apply)
      + identity                      = (known after apply)
      + name                          = "EKS_cluster_codewithmuh"
      + platform_version              = (known after apply)
      + region                        = "us-west-1"
      + role_arn                      = (known after apply)
      + status                        = (known after apply)
      + tags                          = {
          + "Name" = "EKS_cluster_codewithmuh"
        }
      + tags_all                      = {
          + "Managed" = "terraform"
          + "Name"    = "EKS_cluster_codewithmuh"
          + "Project" = "react-aws-eks-github-actions"
        }
      + version                       = "1.29"

      + access_config (known after apply)

      + compute_config (known after apply)

      + control_plane_scaling_config (known after apply)

      + kubernetes_network_config (known after apply)

      + storage_config (known after apply)

      + upgrade_policy (known after apply)

      + vpc_config {
          + cluster_security_group_id = (known after apply)
          + endpoint_private_access   = false
          + endpoint_public_access    = true
          + public_access_cidrs       = (known after apply)
          + subnet_ids                = (known after apply)
          + vpc_id                    = (known after apply)
        }
    }

  # aws_eks_node_group.this will be created
  + resource "aws_eks_node_group" "this" {
      + ami_type               = (known after apply)
      + arn                    = (known after apply)
      + capacity_type          = (known after apply)
      + cluster_name           = "EKS_cluster_codewithmuh"
      + disk_size              = (known after apply)
      + id                     = (known after apply)
      + instance_types         = [
          + "t3.medium",
        ]
      + node_group_name        = "react-aws-eks-github-actions-ng"
      + node_group_name_prefix = (known after apply)
      + node_role_arn          = (known after apply)
      + region                 = "us-west-1"
      + release_version        = (known after apply)
      + resources              = (known after apply)
      + status                 = (known after apply)
      + subnet_ids             = (known after apply)
      + tags                   = {
          + "Name" = "react-aws-eks-github-actions-node-group"
        }
      + tags_all               = {
          + "Managed" = "terraform"
          + "Name"    = "react-aws-eks-github-actions-node-group"
          + "Project" = "react-aws-eks-github-actions"
        }
      + version                = (known after apply)

      + node_repair_config (known after apply)

      + scaling_config {
          + desired_size = 2
          + max_size     = 3
          + min_size     = 1
        }

      + update_config (known after apply)
    }

  # aws_iam_role.eks_cluster will be created
  + resource "aws_iam_role" "eks_cluster" {
      + arn                   = (known after apply)
      + assume_role_policy    = jsonencode(
            {
              + Statement = [
                  + {
                      + Action    = "sts:AssumeRole"
                      + Effect    = "Allow"
                      + Principal = {
                          + Service = "eks.amazonaws.com"
                        }
                    },
                ]
              + Version   = "2012-10-17"
            }
        )
      + create_date           = (known after apply)
      + force_detach_policies = false
      + id                    = (known after apply)
      + managed_policy_arns   = (known after apply)
      + max_session_duration  = 3600
      + name                  = "react-aws-eks-github-actions-eks-cluster-role"
      + name_prefix           = (known after apply)
      + path                  = "/"
      + tags_all              = {
          + "Managed" = "terraform"
          + "Project" = "react-aws-eks-github-actions"
        }
      + unique_id             = (known after apply)

      + inline_policy (known after apply)
    }

  # aws_iam_role.eks_node will be created
  + resource "aws_iam_role" "eks_node" {
      + arn                   = (known after apply)
      + assume_role_policy    = jsonencode(
            {
              + Statement = [
                  + {
                      + Action    = "sts:AssumeRole"
                      + Effect    = "Allow"
                      + Principal = {
                          + Service = "ec2.amazonaws.com"
                        }
                    },
                ]
              + Version   = "2012-10-17"
            }
        )
      + create_date           = (known after apply)
      + force_detach_policies = false
      + id                    = (known after apply)
      + managed_policy_arns   = (known after apply)
      + max_session_duration  = 3600
      + name                  = "react-aws-eks-github-actions-eks-node-role"
      + name_prefix           = (known after apply)
      + path                  = "/"
      + tags_all              = {
          + "Managed" = "terraform"
          + "Project" = "react-aws-eks-github-actions"
        }
      + unique_id             = (known after apply)

      + inline_policy (known after apply)
    }

  # aws_iam_role_policy_attachment.ecr_readonly will be created
  + resource "aws_iam_role_policy_attachment" "ecr_readonly" {
      + id         = (known after apply)
      + policy_arn = "arn:aws:iam::aws:policy/AmazonEC2ContainerRegistryReadOnly"
      + role       = "react-aws-eks-github-actions-eks-node-role"
    }

  # aws_iam_role_policy_attachment.eks_cluster_policy will be created
  + resource "aws_iam_role_policy_attachment" "eks_cluster_policy" {
      + id         = (known after apply)
      + policy_arn = "arn:aws:iam::aws:policy/AmazonEKSClusterPolicy"
      + role       = "react-aws-eks-github-actions-eks-cluster-role"
    }

  # aws_iam_role_policy_attachment.eks_cni will be created
  + resource "aws_iam_role_policy_attachment" "eks_cni" {
      + id         = (known after apply)
      + policy_arn = "arn:aws:iam::aws:policy/AmazonEKS_CNI_Policy"
      + role       = "react-aws-eks-github-actions-eks-node-role"
    }

  # aws_iam_role_policy_attachment.eks_worker_node will be created
  + resource "aws_iam_role_policy_attachment" "eks_worker_node" {
      + id         = (known after apply)
      + policy_arn = "arn:aws:iam::aws:policy/AmazonEKSWorkerNodePolicy"
      + role       = "react-aws-eks-github-actions-eks-node-role"
    }

  # aws_internet_gateway.this will be created
  + resource "aws_internet_gateway" "this" {
      + arn      = (known after apply)
      + id       = (known after apply)
      + owner_id = (known after apply)
      + region   = "us-west-1"
      + tags     = {
          + "Name" = "react-aws-eks-github-actions-igw"
        }
      + tags_all = {
          + "Managed" = "terraform"
          + "Name"    = "react-aws-eks-github-actions-igw"
          + "Project" = "react-aws-eks-github-actions"
        }
      + vpc_id   = (known after apply)
    }

  # aws_route_table.public will be created
  + resource "aws_route_table" "public" {
      + arn              = (known after apply)
      + id               = (known after apply)
      + owner_id         = (known after apply)
      + propagating_vgws = (known after apply)
      + region           = "us-west-1"
      + route            = [
          + {
              + cidr_block                 = "0.0.0.0/0"
              + gateway_id                 = (known after apply)
                # (11 unchanged attributes hidden)
            },
        ]
      + tags             = {
          + "Name" = "react-aws-eks-github-actions-public-rt"
        }
      + tags_all         = {
          + "Managed" = "terraform"
          + "Name"    = "react-aws-eks-github-actions-public-rt"
          + "Project" = "react-aws-eks-github-actions"
        }
      + vpc_id           = (known after apply)
    }

  # aws_route_table_association.public[0] will be created
  + resource "aws_route_table_association" "public" {
      + id             = (known after apply)
      + region         = "us-west-1"
      + route_table_id = (known after apply)
      + subnet_id      = (known after apply)
    }

  # aws_route_table_association.public[1] will be created
  + resource "aws_route_table_association" "public" {
      + id             = (known after apply)
      + region         = "us-west-1"
      + route_table_id = (known after apply)
      + subnet_id      = (known after apply)
    }

  # aws_subnet.public[0] will be created
  + resource "aws_subnet" "public" {
      + arn                                            = (known after apply)
      + assign_ipv6_address_on_creation                = false
      + availability_zone                              = "us-west-1a"
      + availability_zone_id                           = (known after apply)
      + cidr_block                                     = "10.0.0.0/24"
      + enable_dns64                                   = false
      + enable_resource_name_dns_a_record_on_launch    = false
      + enable_resource_name_dns_aaaa_record_on_launch = false
      + id                                             = (known after apply)
      + ipv6_cidr_block_association_id                 = (known after apply)
      + ipv6_native                                    = false
      + map_public_ip_on_launch                        = true
      + owner_id                                       = (known after apply)
      + private_dns_hostname_type_on_launch            = (known after apply)
      + region                                         = "us-west-1"
      + tags                                           = {
          + "Name"                   = "react-aws-eks-github-actions-public-0"
          + "kubernetes.io/role/elb" = "1"
        }
      + tags_all                                       = {
          + "Managed"                = "terraform"
          + "Name"                   = "react-aws-eks-github-actions-public-0"
          + "Project"                = "react-aws-eks-github-actions"
          + "kubernetes.io/role/elb" = "1"
        }
      + vpc_id                                         = (known after apply)
    }

  # aws_subnet.public[1] will be created
  + resource "aws_subnet" "public" {
      + arn                                            = (known after apply)
      + assign_ipv6_address_on_creation                = false
      + availability_zone                              = "us-west-1b"
      + availability_zone_id                           = (known after apply)
      + cidr_block                                     = "10.0.1.0/24"
      + enable_dns64                                   = false
      + enable_resource_name_dns_a_record_on_launch    = false
      + enable_resource_name_dns_aaaa_record_on_launch = false
      + id                                             = (known after apply)
      + ipv6_cidr_block_association_id                 = (known after apply)
      + ipv6_native                                    = false
      + map_public_ip_on_launch                        = true
      + owner_id                                       = (known after apply)
      + private_dns_hostname_type_on_launch            = (known after apply)
      + region                                         = "us-west-1"
      + tags                                           = {
          + "Name"                   = "react-aws-eks-github-actions-public-1"
          + "kubernetes.io/role/elb" = "1"
        }
      + tags_all                                       = {
          + "Managed"                = "terraform"
          + "Name"                   = "react-aws-eks-github-actions-public-1"
          + "Project"                = "react-aws-eks-github-actions"
          + "kubernetes.io/role/elb" = "1"
        }
      + vpc_id                                         = (known after apply)
    }

  # aws_vpc.this will be created
  + resource "aws_vpc" "this" {
      + arn                                  = (known after apply)
      + cidr_block                           = "10.0.0.0/16"
      + default_network_acl_id               = (known after apply)
      + default_route_table_id               = (known after apply)
      + default_security_group_id            = (known after apply)
      + dhcp_options_id                      = (known after apply)
      + enable_dns_hostnames                 = true
      + enable_dns_support                   = true
      + enable_network_address_usage_metrics = (known after apply)
      + id                                   = (known after apply)
      + instance_tenancy                     = "default"
      + ipv6_association_id                  = (known after apply)
      + ipv6_cidr_block                      = (known after apply)
      + ipv6_cidr_block_network_border_group = (known after apply)
      + main_route_table_id                  = (known after apply)
      + owner_id                             = (known after apply)
      + region                               = "us-west-1"
      + tags                                 = {
          + "Name" = "react-aws-eks-github-actions-vpc"
        }
      + tags_all                             = {
          + "Managed" = "terraform"
          + "Name"    = "react-aws-eks-github-actions-vpc"
          + "Project" = "react-aws-eks-github-actions"
        }
    }

Plan: 15 to add, 0 to change, 0 to destroy.

Changes to Outputs:
  + cluster_endpoint  = (known after apply)
  + cluster_name      = "EKS_cluster_codewithmuh"
  + public_subnet_ids = [
      + (known after apply),
      + (known after apply),
    ]
  + vpc_id            = (known after apply)
aws_iam_role.eks_cluster: Creating...
aws_vpc.this: Creating...
aws_iam_role.eks_node: Creating...
aws_iam_role.eks_node: Creation complete after 0s [id=react-aws-eks-github-actions-eks-node-role]
aws_iam_role.eks_cluster: Creation complete after 0s [id=react-aws-eks-github-actions-eks-cluster-role]
aws_iam_role_policy_attachment.eks_cluster_policy: Creating...
aws_iam_role_policy_attachment.ecr_readonly: Creating...
aws_iam_role_policy_attachment.eks_worker_node: Creating...
aws_iam_role_policy_attachment.eks_cni: Creating...
aws_iam_role_policy_attachment.ecr_readonly: Creation complete after 0s [id=react-aws-eks-github-actions-eks-node-role/arn:aws:iam::aws:policy/AmazonEC2ContainerRegistryReadOnly]
aws_iam_role_policy_attachment.eks_worker_node: Creation complete after 0s [id=react-aws-eks-github-actions-eks-node-role/arn:aws:iam::aws:policy/AmazonEKSWorkerNodePolicy]
aws_iam_role_policy_attachment.eks_cni: Creation complete after 0s [id=react-aws-eks-github-actions-eks-node-role/arn:aws:iam::aws:policy/AmazonEKS_CNI_Policy]
aws_iam_role_policy_attachment.eks_cluster_policy: Creation complete after 0s [id=react-aws-eks-github-actions-eks-cluster-role/arn:aws:iam::aws:policy/AmazonEKSClusterPolicy]
aws_vpc.this: Still creating... [00m10s elapsed]
aws_vpc.this: Creation complete after 10s [id=vpc-9e83733882277f991]
aws_internet_gateway.this: Creating...
aws_subnet.public[1]: Creating...
aws_subnet.public[0]: Creating...
aws_internet_gateway.this: Creation complete after 0s [id=igw-5f079930add560f84]
aws_route_table.public: Creating...
aws_route_table.public: Creation complete after 1s [id=rtb-0167c0e010092dca4]
aws_subnet.public[1]: Still creating... [00m10s elapsed]
aws_subnet.public[0]: Still creating... [00m10s elapsed]
aws_subnet.public[0]: Creation complete after 10s [id=subnet-10b2a126ad3f1f0c9]
aws_subnet.public[1]: Creation complete after 10s [id=subnet-09126096971fb930a]
aws_route_table_association.public[1]: Creating...
aws_route_table_association.public[0]: Creating...
aws_eks_cluster.this: Creating...
aws_route_table_association.public[0]: Creation complete after 0s [id=rtbassoc-ef0febc37ddd91cd8]
aws_route_table_association.public[1]: Creation complete after 0s [id=rtbassoc-f993b013fc4a626fd]
aws_eks_cluster.this: Still creating... [00m10s elapsed]
aws_eks_cluster.this: Still creating... [00m20s elapsed]
aws_eks_cluster.this: Still creating... [00m30s elapsed]
aws_eks_cluster.this: Still creating... [00m40s elapsed]
aws_eks_cluster.this: Still creating... [00m50s elapsed]
aws_eks_cluster.this: Still creating... [01m00s elapsed]
aws_eks_cluster.this: Still creating... [01m10s elapsed]
aws_eks_cluster.this: Still creating... [01m20s elapsed]
aws_eks_cluster.this: Still creating... [01m30s elapsed]
aws_eks_cluster.this: Still creating... [01m40s elapsed]
aws_eks_cluster.this: Still creating... [01m50s elapsed]
aws_eks_cluster.this: Still creating... [02m00s elapsed]
aws_eks_cluster.this: Still creating... [02m10s elapsed]
aws_eks_cluster.this: Still creating... [02m20s elapsed]
aws_eks_cluster.this: Still creating... [02m30s elapsed]
