
Terraform used the selected providers to generate the following execution
plan. Resource actions are indicated with the following symbols:
  + create

Terraform will perform the following actions:

  # aws_s3_bucket.mlflow_artifacts will be created
  + resource "aws_s3_bucket" "mlflow_artifacts" {
      + acceleration_status         = (known after apply)
      + acl                         = (known after apply)
      + arn                         = (known after apply)
      + bucket                      = (known after apply)
      + bucket_domain_name          = (known after apply)
      + bucket_prefix               = (known after apply)
      + bucket_region               = (known after apply)
      + bucket_regional_domain_name = (known after apply)
      + force_destroy               = true
      + hosted_zone_id              = (known after apply)
      + id                          = (known after apply)
      + object_lock_enabled         = (known after apply)
      + policy                      = (known after apply)
      + region                      = "us-east-1"
      + request_payer               = (known after apply)
      + tags                        = {
          + "Environment" = "dev"
          + "Name"        = "mlflow-server-artifacts"
        }
      + tags_all                    = {
          + "Environment" = "dev"
          + "Name"        = "mlflow-server-artifacts"
        }
      + website_domain              = (known after apply)
      + website_endpoint            = (known after apply)

      + cors_rule (known after apply)

      + grant (known after apply)

      + lifecycle_rule (known after apply)

      + logging (known after apply)

      + object_lock_configuration (known after apply)

      + replication_configuration (known after apply)

      + server_side_encryption_configuration (known after apply)

      + versioning (known after apply)

      + website (known after apply)
    }

  # aws_s3_bucket_public_access_block.mlflow_artifacts will be created
  + resource "aws_s3_bucket_public_access_block" "mlflow_artifacts" {
      + block_public_acls       = true
      + block_public_policy     = true
      + bucket                  = (known after apply)
      + id                      = (known after apply)
      + ignore_public_acls      = true
      + region                  = "us-east-1"
      + restrict_public_buckets = true
    }

  # random_pet.mlflow_artifacts will be created
  + resource "random_pet" "mlflow_artifacts" {
      + id        = (known after apply)
      + length    = 2
      + separator = "-"
    }

Plan: 3 to add, 0 to change, 0 to destroy.

Changes to Outputs:
  + mlflow_artifact_bucket     = (known after apply)
  + mlflow_artifact_bucket_arn = (known after apply)
random_pet.mlflow_artifacts: Creating...
random_pet.mlflow_artifacts: Creation complete after 0s [id=careful-gibbon]
aws_s3_bucket.mlflow_artifacts: Creating...
aws_s3_bucket.mlflow_artifacts: Still creating... [00m10s elapsed]
aws_s3_bucket.mlflow_artifacts: Still creating... [00m20s elapsed]
aws_s3_bucket.mlflow_artifacts: Still creating... [00m30s elapsed]
aws_s3_bucket.mlflow_artifacts: Still creating... [00m40s elapsed]
aws_s3_bucket.mlflow_artifacts: Still creating... [00m50s elapsed]
aws_s3_bucket.mlflow_artifacts: Still creating... [01m00s elapsed]
aws_s3_bucket.mlflow_artifacts: Still creating... [01m10s elapsed]
aws_s3_bucket.mlflow_artifacts: Still creating... [01m20s elapsed]
aws_s3_bucket.mlflow_artifacts: Still creating... [01m30s elapsed]
aws_s3_bucket.mlflow_artifacts: Still creating... [01m40s elapsed]
aws_s3_bucket.mlflow_artifacts: Still creating... [01m50s elapsed]
aws_s3_bucket.mlflow_artifacts: Still creating... [02m00s elapsed]
aws_s3_bucket.mlflow_artifacts: Still creating... [02m10s elapsed]
aws_s3_bucket.mlflow_artifacts: Still creating... [02m20s elapsed]
aws_s3_bucket.mlflow_artifacts: Still creating... [02m30s elapsed]
aws_s3_bucket.mlflow_artifacts: Still creating... [02m40s elapsed]
aws_s3_bucket.mlflow_artifacts: Still creating... [02m50s elapsed]
aws_s3_bucket.mlflow_artifacts: Still creating... [03m00s elapsed]
aws_s3_bucket.mlflow_artifacts: Still creating... [03m10s elapsed]
aws_s3_bucket.mlflow_artifacts: Still creating... [03m20s elapsed]
aws_s3_bucket.mlflow_artifacts: Still creating... [03m30s elapsed]
aws_s3_bucket.mlflow_artifacts: Still creating... [03m40s elapsed]
aws_s3_bucket.mlflow_artifacts: Still creating... [03m50s elapsed]
aws_s3_bucket.mlflow_artifacts: Still creating... [04m00s elapsed]
aws_s3_bucket.mlflow_artifacts: Still creating... [04m10s elapsed]
aws_s3_bucket.mlflow_artifacts: Still creating... [04m20s elapsed]
aws_s3_bucket.mlflow_artifacts: Still creating... [04m30s elapsed]
aws_s3_bucket.mlflow_artifacts: Still creating... [04m40s elapsed]
aws_s3_bucket.mlflow_artifacts: Still creating... [04m50s elapsed]
aws_s3_bucket.mlflow_artifacts: Still creating... [05m00s elapsed]
aws_s3_bucket.mlflow_artifacts: Still creating... [05m10s elapsed]
aws_s3_bucket.mlflow_artifacts: Still creating... [05m20s elapsed]
aws_s3_bucket.mlflow_artifacts: Still creating... [05m30s elapsed]
aws_s3_bucket.mlflow_artifacts: Still creating... [05m40s elapsed]
aws_s3_bucket.mlflow_artifacts: Still creating... [05m50s elapsed]
aws_s3_bucket.mlflow_artifacts: Still creating... [06m00s elapsed]
aws_s3_bucket.mlflow_artifacts: Still creating... [06m10s elapsed]
aws_s3_bucket.mlflow_artifacts: Still creating... [06m20s elapsed]
aws_s3_bucket.mlflow_artifacts: Still creating... [06m30s elapsed]
aws_s3_bucket.mlflow_artifacts: Still creating... [06m40s elapsed]
aws_s3_bucket.mlflow_artifacts: Still creating... [06m50s elapsed]
aws_s3_bucket.mlflow_artifacts: Still creating... [07m00s elapsed]
aws_s3_bucket.mlflow_artifacts: Still creating... [07m10s elapsed]
aws_s3_bucket.mlflow_artifacts: Still creating... [07m20s elapsed]
aws_s3_bucket.mlflow_artifacts: Still creating... [07m30s elapsed]
aws_s3_bucket.mlflow_artifacts: Still creating... [07m40s elapsed]
aws_s3_bucket.mlflow_artifacts: Still creating... [07m50s elapsed]
aws_s3_bucket.mlflow_artifacts: Still creating... [08m00s elapsed]
aws_s3_bucket.mlflow_artifacts: Still creating... [08m10s elapsed]
aws_s3_bucket.mlflow_artifacts: Still creating... [08m20s elapsed]
aws_s3_bucket.mlflow_artifacts: Still creating... [08m30s elapsed]
aws_s3_bucket.mlflow_artifacts: Still creating... [08m40s elapsed]
aws_s3_bucket.mlflow_artifacts: Still creating... [08m50s elapsed]
aws_s3_bucket.mlflow_artifacts: Still creating... [09m00s elapsed]
aws_s3_bucket.mlflow_artifacts: Still creating... [09m10s elapsed]
aws_s3_bucket.mlflow_artifacts: Still creating... [09m20s elapsed]
aws_s3_bucket.mlflow_artifacts: Still creating... [09m30s elapsed]
aws_s3_bucket.mlflow_artifacts: Still creating... [09m40s elapsed]
aws_s3_bucket.mlflow_artifacts: Still creating... [09m50s elapsed]
aws_s3_bucket.mlflow_artifacts: Still creating... [10m00s elapsed]
aws_s3_bucket.mlflow_artifacts: Still creating... [10m10s elapsed]
aws_s3_bucket.mlflow_artifacts: Still creating... [10m20s elapsed]
aws_s3_bucket.mlflow_artifacts: Still creating... [10m30s elapsed]
aws_s3_bucket.mlflow_artifacts: Still creating... [10m40s elapsed]
aws_s3_bucket.mlflow_artifacts: Still creating... [10m50s elapsed]
