{"format_version":"1.2","terraform_version":"1.13.5","variables":{"app_name":{"value":"mlflow-server"},"aws_region":{"value":"us-east-1"},"mlflow_artifact_bucket_name":{"value":""}},"planned_values":{"outputs":{"mlflow_artifact_bucket":{"sensitive":false},"mlflow_artifact_bucket_arn":{"sensitive":false}},"root_module":{"resources":[{"address":"aws_s3_bucket.mlflow_artifacts","mode":"managed","type":"aws_s3_bucket","name":"mlflow_artifacts","provider_name":"registry.terraform.io/hashicorp/aws","schema_version":0,"values":{"force_destroy":true,"region":"us-east-1","tags":{"Environment":"dev","Name":"mlflow-server-artifacts"},"tags_all":{"Environment":"dev","Name":"mlflow-server-artifacts"},"timeouts":null},"sensitive_values":{"cors_rule":[],"grant":[],"lifecycle_rule":[],"logging":[],"object_lock_configuration":[],"replication_configuration":[],"server_side_encryption_configuration":[],"tags":{},"tags_all":{},"versioning":[],"website":[]},"identity_schema_version":0,"identity":{"account_id":null,"bucket":null,"region":null}},{"address":"aws_s3_bucket_public_access_block.mlflow_artifacts","mode":"managed","type":"aws_s3_bucket_public_access_block","name":"mlflow_artifacts","provider_name":"registry.terraform.io/hashicorp/aws","schema_version":0,"values":{"block_public_acls":true,"block_public_policy":true,"ignore_public_acls":true,"region":"us-east-1","restrict_public_buckets":true,"skip_destroy":null},"sensitive_values":{},"identity_schema_version":0,"identity":{"account_id":null,"bucket":null,"region":null}},{"address":"random_pet.mlflow_artifacts","mode":"managed","type":"random_pet","name":"mlflow_artifacts","provider_name":"registry.terraform.io/hashicorp/random","schema_version":0,"values":{"keepers":null,"length":2,"prefix":null,"separator":"-"},"sensitive_values":{}}]}},"resource_changes":[{"address":"aws_s3_bucket.mlflow_artifacts","mode":"managed","type":"aws_s3_bucket","name":"mlflow_artifacts","provider_name":"registry.terraform.io/hashicorp/aws","change":{"actions":["create"],"before":null,"after":{"force_destroy":true,"region":"us-east-1","tags":{"Environment":"dev","Name":"mlflow-server-artifacts"},"tags_all":{"Environment":"dev","Name":"mlflow-server-artifacts"},"timeouts":null},"after_unknown":{"acceleration_status":true,"acl":true,"arn":true,"bucket":true,"bucket_domain_name":true,"bucket_prefix":true,"bucket_region":true,"bucket_regional_domain_name":true,"cors_rule":true,"grant":true,"hosted_zone_id":true,"id":true,"lifecycle_rule":true,"logging":true,"object_lock_configuration":true,"object_lock_enabled":true,"policy":true,"replication_configuration":true,"request_payer":true,"server_side_encryption_configuration":true,"tags":{},"tags_all":{},"versioning":true,"website":true,"website_domain":true,"website_endpoint":true},"before_sensitive":false,"after_sensitive":{"cors_rule":[],"grant":[],"lifecycle_rule":[],"logging":[],"object_lock_configuration":[],"replication_configuration":[],"server_side_encryption_configuration":[],"tags":{},"tags_all":{},"versioning":[],"website":[]},"after_identity":{"account_id":null,"bucket":null,"region":null}}},{"address":"aws_s3_bucket_public_access_block.mlflow_artifacts","mode":"managed","type":"aws_s3_bucket_public_access_block","name":"mlflow_artifacts","provider_name":"registry.terraform.io/hashicorp/aws","change":{"actions":["create"],"before":null,"after":{"block_public_acls":true,"block_public_policy":true,"ignore_public_acls":true,"region":"us-east-1","restrict_public_buckets":true,"skip_destroy":null},"after_unknown":{"bucket":true,"id":true},"before_sensitive":false,"after_sensitive":{},"after_identity":{"account_id":null,"bucket":null,"region":null}}},{"address":"random_pet.mlflow_artifacts","mode":"managed","type":"random_pet","name":"mlflow_artifacts","provider_name":"registry.terraform.io/hashicorp/random","change":{"actions":["create"],"before":null,"after":{"keepers":null,"length":2,"prefix":null,"separator":"-"},"after_unknown":{"id":true},"before_sensitive":false,"after_sensitive":{}}}],"output_changes":{"mlflow_artifact_bucket":{"actions":["create"],"before":null,"after_unknown":true,"before_sensitive":false,"after_sensitive":false},"mlflow_artifact_bucket_arn":{"actions":["create"],"before":null,"after_unknown":true,"before_sensitive":false,"after_sensitive":false}},"configuration":{"provider_config":{"aws":{"name":"aws","full_name":"registry.terraform.io/hashicorp/aws","version_constraint":"~\u003e 6.28.0","expressions":{"region":{"references":["var.aws_region"]}}},"random":{"name":"random","full_name":"registry.terraform.io/hashicorp/random","version_constraint":"~\u003e 3.8.0"}},"root_module":{"outputs":{"mlflow_artifact_bucket":{"expression":{"references":["aws_s3_bucket.mlflow_artifacts.bucket","aws_s3_bucket.mlflow_artifacts"]},"description":"S3 bucket for MLflow artifacts."},"mlflow_artifact_bucket_arn":{"expression":{"references":["aws_s3_bucket.mlflow_artifacts.arn","aws_s3_bucket.mlflow_artifacts"]},"description":"ARN of the S3 bucket for MLflow artifacts."}},"resources":[{"address":"aws_s3_bucket.mlflow_artifacts","mode":"managed","type":"aws_s3_bucket","name":"mlflow_artifacts","provider_config_key":"aws","expressions":{"bucket":{"references":["var.mlflow_artifact_bucket_name","var.mlflow_artifact_bucket_name","var.app_name","random_pet.mlflow_artifacts.id","random_pet.mlflow_artifacts"]},"force_destroy":{"constant_value":true},"tags":{"references":["var.app_name"]}},"schema_version":0},{"address":"aws_s3_bucket_public_access_block.mlflow_artifacts","mode":"managed","type":"aws_s3_bucket_public_access_block","name":"mlflow_artifacts","provider_config_key":"aws","expressions":{"block_public_acls":{"constant_value":true},"block_public_policy":{"constant_value":true},"bucket":{"references":["aws_s3_bucket.mlflow_artifacts.id","aws_s3_bucket.mlflow_artifacts"]},"ignore_public_acls":{"constant_value":true},"restrict_public_buckets":{"constant_value":true}},"schema_version":0},{"address":"random_pet.mlflow_artifacts","mode":"managed","type":"random_pet","name":"mlflow_artifacts","provider_config_key":"random","expressions":{"length":{"constant_value":2},"separator":{"constant_value":"-"}},"schema_version":0}],"variables":{"app_name":{"default":"mlflow-server","description":"Name of the application."},"aws_region":{"default":"us-east-1","description":"AWS region to deploy resources in."},"mlflow_artifact_bucket_name":{"default":"","description":"S3 bucket name for MLflow artifacts."}}}},"relevant_attributes":[{"resource":"aws_s3_bucket.mlflow_artifacts","attribute":["arn"]},{"resource":"aws_s3_bucket.mlflow_artifacts","attribute":["id"]},{"resource":"random_pet.mlflow_artifacts","attribute":["id"]},{"resource":"aws_s3_bucket.mlflow_artifacts","attribute":["bucket"]}],"timestamp":"2026-01-23T08:55:27Z","applyable":true,"complete":true,"errored":false}
