{
  "version": 4,
  "terraform_version": "1.13.5",
  "serial": 1,
  "lineage": "513d4e61-d584-5d27-1979-4425cbc34474",
  "outputs": {},
  "resources": [
    {
      "mode": "managed",
      "type": "random_id",
      "name": "suffix",
      "provider": "provider[\"registry.terraform.io/hashicorp/random\"]",
      "instances": [
        {
          "schema_version": 0,
          "attributes": {
            "b64_std": "XVPtHA==",
            "b64_url": "XVPtHA",
            "byte_length": 4,
            "dec": "1565781276",
            "hex": "5d53ed1c",
            "id": "XVPtHA",
            "keepers": null,
            "prefix": null
          },
          "sensitive_attributes": [],
          "identity_schema_version": 0
        }
      ]
    }
  ],
  "check_results": null
}
