{"format_version":"1.2","terraform_version":"1.13.5","variables":{"app_name":{"value":"terratest-localstack"},"aws_access_key_id":{"value":"test"},"aws_endpoint_url":{"value":"http://localhost:4566"},"aws_secret_access_key":{"value":"test"},"region":{"value":"us-east-1"},"s3_use_path_style":{"value":true},"skip_credentials_validation":{"value":true},"skip_metadata_api_check":{"value":true},"skip_requesting_account_id":{"value":true},"tag_bucket_environment":{"value":"ai-basis-tf-bucket"},"tag_bucket_name":{"value":"ai-basis-tf"},"with_policy":{"value":true}},"planned_values":{"outputs":{"bucket_id":{"sensitive":false},"logs_bucket_id":{"sensitive":false}},"root_module":{"resources":[{"address":"aws_s3_bucket.logs","mode":"managed","type":"aws_s3_bucket","name":"logs","provider_name":"registry.terraform.io/hashicorp/aws","schema_version":0,"values":{"bucket":"ai-basis-tf-logs","force_destroy":true,"tags":{"Environment":"ai-basis-tf-bucket","Name":"ai-basis-tf-logs"},"tags_all":{"Environment":"ai-basis-tf-bucket","Managed":"terraform","Name":"ai-basis-tf-logs","Project":"terratest-localstack"},"timeouts":null},"sensitive_values":{"cors_rule":[],"grant":[],"lifecycle_rule":[],"logging":[],"object_lock_configuration":[],"replication_configuration":[],"server_side_encryption_configuration":[],"tags":{},"tags_all":{},"versioning":[],"website":[]}},{"address":"aws_s3_bucket.main","mode":"managed","type":"aws_s3_bucket","name":"main","provider_name":"registry.terraform.io/hashicorp/aws","schema_version":0,"values":{"bucket":"ai-basis-tf","force_destroy":true,"tags":{"Environment":"ai-basis-tf-bucket","Name":"ai-basis-tf"},"tags_all":{"Environment":"ai-basis-tf-bucket","Managed":"terraform","Name":"ai-basis-tf","Project":"terratest-localstack"},"timeouts":null},"sensitive_values":{"cors_rule":[],"grant":[],"lifecycle_rule":[],"logging":[],"object_lock_configuration":[],"replication_configuration":[],"server_side_encryption_configuration":[],"tags":{},"tags_all":{},"versioning":[],"website":[]}},{"address":"aws_s3_bucket_logging.main","mode":"managed","type":"aws_s3_bucket_logging","name":"main","provider_name":"registry.terraform.io/hashicorp/aws","schema_version":0,"values":{"expected_bucket_owner":null,"target_grant":[],"target_object_key_format":[],"target_prefix":"TFStateLogs/"},"sensitive_values":{"target_grant":[],"target_object_key_format":[]}},{"address":"aws_s3_bucket_policy.main[0]","mode":"managed","type":"aws_s3_bucket_policy","name":"main","index":0,"provider_name":"registry.terraform.io/hashicorp/aws","schema_version":0,"sensitive_values":{}},{"address":"aws_s3_bucket_versioning.main","mode":"managed","type":"aws_s3_bucket_versioning","name":"main","provider_name":"registry.terraform.io/hashicorp/aws","schema_version":0,"values":{"expected_bucket_owner":null,"mfa":null,"versioning_configuration":[{"status":"Enabled"}]},"sensitive_values":{"versioning_configuration":[{}]}},{"address":"data.aws_iam_policy_document.main_bucket_policy","mode":"data","type":"aws_iam_policy_document","name":"main_bucket_policy","provider_name":"registry.terraform.io/hashicorp/aws","schema_version":0,"values":{"override_json":null,"override_policy_documents":null,"policy_id":null,"source_json":null,"source_policy_documents":null,"statement":[{"actions":["s3:GetBucketLocation"],"condition":[],"effect":"Allow","not_actions":null,"not_principals":[],"not_resources":null,"principals":[{"identifiers":["*"],"type":"AWS"}],"resources":[null],"sid":"AllowGetBucketLocation"}],"version":null},"sensitive_values":{"statement":[{"actions":[false],"condition":[],"not_principals":[],"principals":[{"identifiers":[false]}],"resources":[false]}]}}]}},"resource_changes":[{"address":"data.aws_iam_policy_document.main_bucket_policy","mode":"data","type":"aws_iam_policy_document","name":"main_bucket_policy","provider_name":"registry.terraform.io/hashicorp/aws","change":{"actions":["read"],"before":null,"after":{"override_json":null,"override_policy_documents":null,"policy_id":null,"source_json":null,"source_policy_documents":null,"statement":[{"actions":["s3:GetBucketLocation"],"condition":[],"effect":"Allow","not_actions":null,"not_principals":[],"not_resources":null,"principals":[{"identifiers":["*"],"type":"AWS"}],"resources":[null],"sid":"AllowGetBucketLocation"}],"version":null},"after_unknown":{"id":true,"json":true,"minified_json":true,"statement":[{"actions":[false],"condition":[],"not_principals":[],"principals":[{"identifiers":[false]}],"resources":[true]}]},"before_sensitive":false,"after_sensitive":{"statement":[{"actions":[false],"condition":[],"not_principals":[],"principals":[{"identifiers":[false]}],"resources":[false]}]}},"action_reason":"read_because_config_unknown"},{"address":"aws_s3_bucket.logs","mode":"managed","type":"aws_s3_bucket","name":"logs","provider_name":"registry.terraform.io/hashicorp/aws","change":{"actions":["create"],"before":null,"after":{"bucket":"ai-basis-tf-logs","force_destroy":true,"tags":{"Environment":"ai-basis-tf-bucket","Name":"ai-basis-tf-logs"},"tags_all":{"Environment":"ai-basis-tf-bucket","Managed":"terraform","Name":"ai-basis-tf-logs","Project":"terratest-localstack"},"timeouts":null},"after_unknown":{"acceleration_status":true,"acl":true,"arn":true,"bucket_domain_name":true,"bucket_prefix":true,"bucket_regional_domain_name":true,"cors_rule":true,"grant":true,"hosted_zone_id":true,"id":true,"lifecycle_rule":true,"logging":true,"object_lock_configuration":true,"object_lock_enabled":true,"policy":true,"region":true,"replication_configuration":true,"request_payer":true,"server_side_encryption_configuration":true,"tags":{},"tags_all":{},"versioning":true,"website":true,"website_domain":true,"website_endpoint":true},"before_sensitive":false,"after_sensitive":{"cors_rule":[],"grant":[],"lifecycle_rule":[],"logging":[],"object_lock_configuration":[],"replication_configuration":[],"server_side_encryption_configuration":[],"tags":{},"tags_all":{},"versioning":[],"website":[]}}},{"address":"aws_s3_bucket.main","mode":"managed","type":"aws_s3_bucket","name":"main","provider_name":"registry.terraform.io/hashicorp/aws","change":{"actions":["create"],"before":null,"after":{"bucket":"ai-basis-tf","force_destroy":true,"tags":{"Environment":"ai-basis-tf-bucket","Name":"ai-basis-tf"},"tags_all":{"Environment":"ai-basis-tf-bucket","Managed":"terraform","Name":"ai-basis-tf","Project":"terratest-localstack"},"timeouts":null},"after_unknown":{"acceleration_status":true,"acl":true,"arn":true,"bucket_domain_name":true,"bucket_prefix":true,"bucket_regional_domain_name":true,"cors_rule":true,"grant":true,"hosted_zone_id":true,"id":true,"lifecycle_rule":true,"logging":true,"object_lock_configuration":true,"object_lock_enabled":true,"policy":true,"region":true,"replication_configuration":true,"request_payer":true,"server_side_encryption_configuration":true,"tags":{},"tags_all":{},"versioning":true,"website":true,"website_domain":true,"website_endpoint":true},"before_sensitive":false,"after_sensitive":{"cors_rule":[],"grant":[],"lifecycle_rule":[],"logging":[],"object_lock_configuration":[],"replication_configuration":[],"server_side_encryption_configuration":[],"tags":{},"tags_all":{},"versioning":[],"website":[]}}},{"address":"aws_s3_bucket_logging.main","mode":"managed","type":"aws_s3_bucket_logging","name":"main","provider_name":"registry.terraform.io/hashicorp/aws","change":{"actions":["create"],"before":null,"after":{"expected_bucket_owner":null,"target_grant":[],"target_object_key_format":[],"target_prefix":"TFStateLogs/"},"after_unknown":{"bucket":true,"id":true,"target_bucket":true,"target_grant":[],"target_object_key_format":[]},"before_sensitive":false,"after_sensitive":{"target_grant":[],"target_object_key_format":[]}}},{"address":"aws_s3_bucket_policy.main[0]","mode":"managed","type":"aws_s3_bucket_policy","name":"main","index":0,"provider_name":"registry.terraform.io/hashicorp/aws","change":{"actions":["create"],"before":null,"after":{},"after_unknown":{"bucket":true,"id":true,"policy":true},"before_sensitive":false,"after_sensitive":{}}},{"address":"aws_s3_bucket_versioning.main","mode":"managed","type":"aws_s3_bucket_versioning","name":"main","provider_name":"registry.terraform.io/hashicorp/aws","change":{"actions":["create"],"before":null,"after":{"expected_bucket_owner":null,"mfa":null,"versioning_configuration":[{"status":"Enabled"}]},"after_unknown":{"bucket":true,"id":true,"versioning_configuration":[{"mfa_delete":true}]},"before_sensitive":false,"after_sensitive":{"versioning_configuration":[{}]}}}],"output_changes":{"bucket_id":{"actions":["create"],"before":null,"after_unknown":true,"before_sensitive":false,"after_sensitive":false},"logs_bucket_id":{"actions":["create"],"before":null,"after_unknown":true,"before_sensitive":false,"after_sensitive":false}},"configuration":{"provider_config":{"aws":{"name":"aws","full_name":"registry.terraform.io/hashicorp/aws","version_constraint":"~\u003e 5.0","expressions":{"access_key":{"references":["var.aws_access_key_id"]},"default_tags":[{"tags":{"references":["var.app_name"]}}],"endpoints":[{"iam":{"references":["var.aws_endpoint_url"]},"s3":{"references":["var.aws_endpoint_url"]},"sts":{"references":["var.aws_endpoint_url"]}}],"region":{"references":["var.region"]},"s3_use_path_style":{"references":["var.s3_use_path_style"]},"secret_key":{"references":["var.aws_secret_access_key"]},"skip_credentials_validation":{"references":["var.skip_credentials_validation"]},"skip_metadata_api_check":{"references":["var.skip_metadata_api_check"]},"skip_requesting_account_id":{"references":["var.skip_requesting_account_id"]}}}},"root_module":{"outputs":{"bucket_id":{"expression":{"references":["aws_s3_bucket.main.id","aws_s3_bucket.main"]},"description":"ID (name) of the main S3 bucket."},"logs_bucket_id":{"expression":{"references":["aws_s3_bucket.logs.id","aws_s3_bucket.logs"]},"description":"ID (name) of the logs S3 bucket."}},"resources":[{"address":"aws_s3_bucket.logs","mode":"managed","type":"aws_s3_bucket","name":"logs","provider_config_key":"aws","expressions":{"bucket":{"references":["local.logs_bucket_name"]},"force_destroy":{"constant_value":true},"tags":{"references":["local.logs_bucket_name","var.tag_bucket_environment"]}},"schema_version":0},{"address":"aws_s3_bucket.main","mode":"managed","type":"aws_s3_bucket","name":"main","provider_config_key":"aws","expressions":{"bucket":{"references":["local.bucket_name"]},"force_destroy":{"constant_value":true},"tags":{"references":["var.tag_bucket_name","var.tag_bucket_environment"]}},"schema_version":0},{"address":"aws_s3_bucket_logging.main","mode":"managed","type":"aws_s3_bucket_logging","name":"main","provider_config_key":"aws","expressions":{"bucket":{"references":["aws_s3_bucket.main.id","aws_s3_bucket.main"]},"target_bucket":{"references":["aws_s3_bucket.logs.id","aws_s3_bucket.logs"]},"target_prefix":{"constant_value":"TFStateLogs/"}},"schema_version":0},{"address":"aws_s3_bucket_policy.main","mode":"managed","type":"aws_s3_bucket_policy","name":"main","provider_config_key":"aws","expressions":{"bucket":{"references":["aws_s3_bucket.main.id","aws_s3_bucket.main"]},"policy":{"references":["data.aws_iam_policy_document.main_bucket_policy.json","data.aws_iam_policy_document.main_bucket_policy"]}},"schema_version":0,"count_expression":{"references":["var.with_policy"]}},{"address":"aws_s3_bucket_versioning.main","mode":"managed","type":"aws_s3_bucket_versioning","name":"main","provider_config_key":"aws","expressions":{"bucket":{"references":["aws_s3_bucket.main.id","aws_s3_bucket.main"]},"versioning_configuration":[{"status":{"constant_value":"Enabled"}}]},"schema_version":0},{"address":"data.aws_iam_policy_document.main_bucket_policy","mode":"data","type":"aws_iam_policy_document","name":"main_bucket_policy","provider_config_key":"aws","expressions":{"statement":[{"actions":{"constant_value":["s3:GetBucketLocation"]},"effect":{"constant_value":"Allow"},"principals":[{"identifiers":{"constant_value":["*"]},"type":{"constant_value":"AWS"}}],"resources":{"references":["aws_s3_bucket.main.arn","aws_s3_bucket.main"]},"sid":{"constant_value":"AllowGetBucketLocation"}}]},"schema_version":0}],"variables":{"app_name":{"default":"terratest-localstack","description":"Name prefix for resources."},"aws_access_key_id":{"default":"test","description":"AWS access key (LocalStack default is 'test').","sensitive":true},"aws_endpoint_url":{"default":"http://localhost:4566","description":"Base endpoint URL for LocalStack (e.g., http://localhost:4566). Leave empty to use real AWS endpoints."},"aws_secret_access_key":{"default":"test","description":"AWS secret key (LocalStack default is 'test').","sensitive":true},"region":{"default":"us-east-1","description":"AWS region."},"s3_use_path_style":{"default":true,"description":"Use path-style S3 URLs (often required for LocalStack when using localhost endpoint)."},"skip_credentials_validation":{"default":true,"description":"Skip AWS credentials validation (useful for LocalStack)."},"skip_metadata_api_check":{"default":true,"description":"Skip metadata API check (useful for LocalStack)."},"skip_requesting_account_id":{"default":true,"description":"Skip requesting account ID (useful for LocalStack)."},"tag_bucket_environment":{"description":"Value for the Environment tag on the main bucket."},"tag_bucket_name":{"description":"Value for the Name tag on the main bucket."},"with_policy":{"default":true,"description":"Whether to attach a bucket policy to the main bucket."}}}},"relevant_attributes":[{"resource":"data.aws_iam_policy_document.main_bucket_policy","attribute":["json"]},{"resource":"aws_s3_bucket.logs","attribute":["id"]},{"resource":"aws_s3_bucket.main","attribute":["arn"]},{"resource":"aws_s3_bucket.main","attribute":["id"]}],"timestamp":"2026-01-27T10:14:14Z","applyable":true,"complete":true,"errored":false}
