
Terraform used the selected providers to generate the following execution
plan. Resource actions are indicated with the following symbols:
  + create

Terraform will perform the following actions:

  # aws_s3_bucket.example_bucket will be created
  + resource "aws_s3_bucket" "example_bucket" {
      + acceleration_status         = (known after apply)
      + acl                         = (known after apply)
      + arn                         = (known after apply)
      + bucket                      = "example-terraform-bucket"
      + bucket_domain_name          = (known after apply)
      + bucket_prefix               = (known after apply)
      + bucket_region               = (known after apply)
      + bucket_regional_domain_name = (known after apply)
      + force_destroy               = false
      + hosted_zone_id              = (known after apply)
      + id                          = (known after apply)
      + object_lock_enabled         = (known after apply)
      + policy                      = (known after apply)
      + region                      = "us-west-2"
      + request_payer               = (known after apply)
      + tags                        = {
          + "Environment" = "dev"
        }
      + tags_all                    = {
          + "Environment" = "dev"
        }
      + website_domain              = (known after apply)
      + website_endpoint            = (known after apply)

      + cors_rule (known after apply)

      + grant (known after apply)

      + lifecycle_rule (known after apply)

      + logging (known after apply)

      + object_lock_configuration (known after apply)

      + replication_configuration (known after apply)

      + server_side_encryption_configuration (known after apply)

      + versioning (known after apply)

      + website (known after apply)
    }

Plan: 1 to add, 0 to change, 0 to destroy.
aws_s3_bucket.example_bucket: Creating...
aws_s3_bucket.example_bucket: Still creating... [00m10s elapsed]
aws_s3_bucket.example_bucket: Still creating... [00m20s elapsed]
aws_s3_bucket.example_bucket: Still creating... [00m30s elapsed]
aws_s3_bucket.example_bucket: Still creating... [00m40s elapsed]
aws_s3_bucket.example_bucket: Still creating... [00m50s elapsed]
aws_s3_bucket.example_bucket: Still creating... [01m00s elapsed]
aws_s3_bucket.example_bucket: Still creating... [01m10s elapsed]
aws_s3_bucket.example_bucket: Still creating... [01m20s elapsed]
aws_s3_bucket.example_bucket: Still creating... [01m30s elapsed]
aws_s3_bucket.example_bucket: Still creating... [01m40s elapsed]
aws_s3_bucket.example_bucket: Still creating... [01m50s elapsed]
aws_s3_bucket.example_bucket: Still creating... [02m00s elapsed]
aws_s3_bucket.example_bucket: Still creating... [02m10s elapsed]
aws_s3_bucket.example_bucket: Still creating... [02m20s elapsed]
aws_s3_bucket.example_bucket: Still creating... [02m30s elapsed]
aws_s3_bucket.example_bucket: Still creating... [02m40s elapsed]
aws_s3_bucket.example_bucket: Still creating... [02m50s elapsed]
aws_s3_bucket.example_bucket: Still creating... [03m00s elapsed]
aws_s3_bucket.example_bucket: Still creating... [03m10s elapsed]
aws_s3_bucket.example_bucket: Still creating... [03m20s elapsed]
aws_s3_bucket.example_bucket: Still creating... [03m30s elapsed]
aws_s3_bucket.example_bucket: Still creating... [03m40s elapsed]
aws_s3_bucket.example_bucket: Still creating... [03m50s elapsed]
aws_s3_bucket.example_bucket: Still creating... [04m00s elapsed]
aws_s3_bucket.example_bucket: Still creating... [04m10s elapsed]
aws_s3_bucket.example_bucket: Still creating... [04m20s elapsed]
aws_s3_bucket.example_bucket: Still creating... [04m30s elapsed]
aws_s3_bucket.example_bucket: Still creating... [04m40s elapsed]
aws_s3_bucket.example_bucket: Still creating... [04m50s elapsed]
aws_s3_bucket.example_bucket: Still creating... [05m00s elapsed]
aws_s3_bucket.example_bucket: Still creating... [05m10s elapsed]
aws_s3_bucket.example_bucket: Still creating... [05m20s elapsed]
aws_s3_bucket.example_bucket: Still creating... [05m30s elapsed]
aws_s3_bucket.example_bucket: Still creating... [05m40s elapsed]
aws_s3_bucket.example_bucket: Still creating... [05m50s elapsed]
aws_s3_bucket.example_bucket: Still creating... [06m00s elapsed]
aws_s3_bucket.example_bucket: Still creating... [06m10s elapsed]
aws_s3_bucket.example_bucket: Still creating... [06m20s elapsed]
aws_s3_bucket.example_bucket: Still creating... [06m30s elapsed]
aws_s3_bucket.example_bucket: Still creating... [06m40s elapsed]
aws_s3_bucket.example_bucket: Still creating... [06m50s elapsed]
aws_s3_bucket.example_bucket: Still creating... [07m00s elapsed]
aws_s3_bucket.example_bucket: Still creating... [07m10s elapsed]
aws_s3_bucket.example_bucket: Still creating... [07m20s elapsed]
aws_s3_bucket.example_bucket: Still creating... [07m30s elapsed]
aws_s3_bucket.example_bucket: Still creating... [07m40s elapsed]
aws_s3_bucket.example_bucket: Still creating... [07m50s elapsed]
aws_s3_bucket.example_bucket: Still creating... [08m00s elapsed]
aws_s3_bucket.example_bucket: Still creating... [08m10s elapsed]
aws_s3_bucket.example_bucket: Still creating... [08m20s elapsed]
aws_s3_bucket.example_bucket: Still creating... [08m30s elapsed]
aws_s3_bucket.example_bucket: Still creating... [08m40s elapsed]
aws_s3_bucket.example_bucket: Still creating... [08m50s elapsed]
aws_s3_bucket.example_bucket: Still creating... [09m00s elapsed]
aws_s3_bucket.example_bucket: Still creating... [09m10s elapsed]
aws_s3_bucket.example_bucket: Still creating... [09m20s elapsed]
aws_s3_bucket.example_bucket: Still creating... [09m30s elapsed]
aws_s3_bucket.example_bucket: Still creating... [09m40s elapsed]
aws_s3_bucket.example_bucket: Still creating... [09m50s elapsed]
aws_s3_bucket.example_bucket: Still creating... [10m00s elapsed]
aws_s3_bucket.example_bucket: Still creating... [10m10s elapsed]
aws_s3_bucket.example_bucket: Still creating... [10m20s elapsed]
aws_s3_bucket.example_bucket: Still creating... [10m30s elapsed]
aws_s3_bucket.example_bucket: Still creating... [10m40s elapsed]
aws_s3_bucket.example_bucket: Still creating... [10m50s elapsed]
aws_s3_bucket.example_bucket: Still creating... [11m00s elapsed]
aws_s3_bucket.example_bucket: Still creating... [11m10s elapsed]
aws_s3_bucket.example_bucket: Still creating... [11m20s elapsed]
aws_s3_bucket.example_bucket: Still creating... [11m30s elapsed]
aws_s3_bucket.example_bucket: Still creating... [11m40s elapsed]
aws_s3_bucket.example_bucket: Still creating... [11m50s elapsed]
aws_s3_bucket.example_bucket: Still creating... [12m00s elapsed]
aws_s3_bucket.example_bucket: Still creating... [12m10s elapsed]
aws_s3_bucket.example_bucket: Still creating... [12m20s elapsed]
aws_s3_bucket.example_bucket: Still creating... [12m30s elapsed]
aws_s3_bucket.example_bucket: Still creating... [12m40s elapsed]
aws_s3_bucket.example_bucket: Still creating... [12m50s elapsed]
aws_s3_bucket.example_bucket: Still creating... [13m00s elapsed]
aws_s3_bucket.example_bucket: Still creating... [13m10s elapsed]
aws_s3_bucket.example_bucket: Still creating... [13m20s elapsed]
aws_s3_bucket.example_bucket: Still creating... [13m30s elapsed]
aws_s3_bucket.example_bucket: Still creating... [13m40s elapsed]
aws_s3_bucket.example_bucket: Still creating... [13m50s elapsed]
aws_s3_bucket.example_bucket: Still creating... [14m00s elapsed]
aws_s3_bucket.example_bucket: Still creating... [14m10s elapsed]
