{"format_version":"1.2","terraform_version":"1.13.5","variables":{"env":{"value":"dev"}},"planned_values":{"root_module":{"resources":[{"address":"aws_s3_bucket.example_bucket","mode":"managed","type":"aws_s3_bucket","name":"example_bucket","provider_name":"registry.terraform.io/hashicorp/aws","schema_version":0,"values":{"bucket":"example-terraform-bucket","force_destroy":false,"region":"us-west-2","tags":{"Environment":"dev"},"tags_all":{"Environment":"dev"},"timeouts":null},"sensitive_values":{"cors_rule":[],"grant":[],"lifecycle_rule":[],"logging":[],"object_lock_configuration":[],"replication_configuration":[],"server_side_encryption_configuration":[],"tags":{},"tags_all":{},"versioning":[],"website":[]},"identity_schema_version":0,"identity":{"account_id":null,"bucket":null,"region":null}}]}},"resource_changes":[{"address":"aws_s3_bucket.example_bucket","mode":"managed","type":"aws_s3_bucket","name":"example_bucket","provider_name":"registry.terraform.io/hashicorp/aws","change":{"actions":["create"],"before":null,"after":{"bucket":"example-terraform-bucket","force_destroy":false,"region":"us-west-2","tags":{"Environment":"dev"},"tags_all":{"Environment":"dev"},"timeouts":null},"after_unknown":{"acceleration_status":true,"acl":true,"arn":true,"bucket_domain_name":true,"bucket_prefix":true,"bucket_region":true,"bucket_regional_domain_name":true,"cors_rule":true,"grant":true,"hosted_zone_id":true,"id":true,"lifecycle_rule":true,"logging":true,"object_lock_configuration":true,"object_lock_enabled":true,"policy":true,"replication_configuration":true,"request_payer":true,"server_side_encryption_configuration":true,"tags":{},"tags_all":{},"versioning":true,"website":true,"website_domain":true,"website_endpoint":true},"before_sensitive":false,"after_sensitive":{"cors_rule":[],"grant":[],"lifecycle_rule":[],"logging":[],"object_lock_configuration":[],"replication_configuration":[],"server_side_encryption_configuration":[],"tags":{},"tags_all":{},"versioning":[],"website":[]},"after_identity":{"account_id":null,"bucket":null,"region":null}}}],"configuration":{"provider_config":{"aws":{"name":"aws","full_name":"registry.terraform.io/hashicorp/aws","expressions":{"region":{"constant_value":"us-west-2"}}}},"root_module":{"resources":[{"address":"aws_s3_bucket.example_bucket","mode":"managed","type":"aws_s3_bucket","name":"example_bucket","provider_config_key":"aws","expressions":{"bucket":{"constant_value":"example-terraform-bucket"},"tags":{"references":["var.env"]}},"schema_version":0}],"variables":{"env":{"description":"Application environment"}}}},"timestamp":"2026-01-23T12:19:04Z","applyable":true,"complete":true,"errored":false}
