data.archive_file.lambda_dummy: Reading...
data.archive_file.lambda_dummy: Read complete after 0s [id=58e93fade67637870be5af38eff8d5aa66c7da49]
data.aws_caller_identity.current: Reading...
data.aws_caller_identity.current: Read complete after 0s [id=000000000000]

Terraform used the selected providers to generate the following execution
plan. Resource actions are indicated with the following symbols:
  + create

Terraform will perform the following actions:

  # aws_cloudtrail.cloudtrail will be created
  + resource "aws_cloudtrail" "cloudtrail" {
      + arn                           = (known after apply)
      + enable_log_file_validation    = true
      + enable_logging                = true
      + home_region                   = (known after apply)
      + id                            = (known after apply)
      + include_global_service_events = true
      + is_multi_region_trail         = true
      + is_organization_trail         = false
      + name                          = "680465557"
      + region                        = "us-east-1"
      + s3_bucket_name                = "680465557"
      + sns_topic_arn                 = (known after apply)
      + tags_all                      = (known after apply)
    }

  # aws_cloudwatch_event_rule.iam_and_orgs_rule will be created
  + resource "aws_cloudwatch_event_rule" "iam_and_orgs_rule" {
      + arn            = (known after apply)
      + description    = "Capture events from IAM and Organizations"
      + event_bus_name = "default"
      + event_pattern  = jsonencode(
            {
              + source = [
                  + "aws.iam",
                  + "aws.organizations",
                ]
            }
        )
      + force_destroy  = false
      + id             = (known after apply)
      + name           = "680465557"
      + name_prefix    = (known after apply)
      + region         = "us-east-1"
      + tags_all       = (known after apply)
    }

  # aws_cloudwatch_event_target.event_target will be created
  + resource "aws_cloudwatch_event_target" "event_target" {
      + arn            = (known after apply)
      + event_bus_name = "default"
      + force_destroy  = false
      + id             = (known after apply)
      + region         = "us-east-1"
      + rule           = "680465557"
      + target_id      = "LambdaFunction"
    }

  # aws_cloudwatch_log_group.lambda_log_group will be created
  + resource "aws_cloudwatch_log_group" "lambda_log_group" {
      + arn                         = (known after apply)
      + deletion_protection_enabled = (known after apply)
      + id                          = (known after apply)
      + log_group_class             = (known after apply)
      + name                        = "/aws/lambda/680465557"
      + name_prefix                 = (known after apply)
      + region                      = "us-east-1"
      + retention_in_days           = 7
      + skip_destroy                = false
      + tags_all                    = (known after apply)
    }

  # aws_iam_policy.lambda_policy will be created
  + resource "aws_iam_policy" "lambda_policy" {
      + arn              = (known after apply)
      + attachment_count = (known after apply)
      + description      = "Policy for Lambda function"
      + id               = (known after apply)
      + name             = "680465557"
      + name_prefix      = (known after apply)
      + path             = "/"
      + policy           = jsonencode(
            {
              + Statement = [
                  + {
                      + Action   = [
                          + "logs:CreateLogGroup",
                          + "logs:CreateLogStream",
                          + "logs:PutLogEvents",
                        ]
                      + Effect   = "Allow"
                      + Resource = "arn:aws:logs:us-east-1:000000000000:log-group:/aws/lambda/680465557:*"
                    },
                  + {
                      + Action   = [
                          + "iam:ListPolicies",
                          + "iam:ListRoles",
                          + "organizations:ListPolicies",
                          + "organizations:DescribePolicy",
                        ]
                      + Effect   = "Allow"
                      + Resource = "*"
                    },
                  + {
                      + Action   = "kms:Decrypt"
                      + Effect   = "Allow"
                      + Resource = "arn:aws:kms:us-east-1:000000000000:key/*"
                    },
                ]
              + Version   = "2012-10-17"
            }
        )
      + policy_id        = (known after apply)
      + tags_all         = (known after apply)
    }

  # aws_iam_role.lambda_role will be created
  + resource "aws_iam_role" "lambda_role" {
      + arn                   = (known after apply)
      + assume_role_policy    = jsonencode(
            {
              + Statement = [
                  + {
                      + Action    = "sts:AssumeRole"
                      + Effect    = "Allow"
                      + Principal = {
                          + Service = "lambda.amazonaws.com"
                        }
                    },
                ]
              + Version   = "2012-10-17"
            }
        )
      + create_date           = (known after apply)
      + force_detach_policies = false
      + id                    = (known after apply)
      + managed_policy_arns   = (known after apply)
      + max_session_duration  = 3600
      + name                  = "680465557"
      + name_prefix           = (known after apply)
      + path                  = "/"
      + tags_all              = (known after apply)
      + unique_id             = (known after apply)

      + inline_policy (known after apply)
    }

  # aws_iam_role_policy_attachment.lambda_policy_attach will be created
  + resource "aws_iam_role_policy_attachment" "lambda_policy_attach" {
      + id         = (known after apply)
      + policy_arn = (known after apply)
      + role       = "680465557"
    }

  # aws_lambda_function.lambda_function will be created
  + resource "aws_lambda_function" "lambda_function" {
      + architectures                  = [
          + "x86_64",
        ]
      + arn                            = (known after apply)
      + code_sha256                    = (known after apply)
      + function_name                  = "680465557"
      + id                             = (known after apply)
      + image_uri                      = "000000000000.dkr.ecr.us-east-1.amazonaws.com/680465557:680465557"
      + invoke_arn                     = (known after apply)
      + last_modified                  = (known after apply)
      + memory_size                    = 128
      + package_type                   = "Image"
      + publish                        = false
      + qualified_arn                  = (known after apply)
      + qualified_invoke_arn           = (known after apply)
      + region                         = "us-east-1"
      + reserved_concurrent_executions = -1
      + role                           = (known after apply)
      + signing_job_arn                = (known after apply)
      + signing_profile_version_arn    = (known after apply)
      + skip_destroy                   = false
      + source_code_hash               = (known after apply)
      + source_code_size               = (known after apply)
      + tags_all                       = (known after apply)
      + timeout                        = 120
      + version                        = (known after apply)

      + ephemeral_storage (known after apply)

      + logging_config (known after apply)

      + tracing_config (known after apply)
    }

  # aws_lambda_permission.allow_eventbridge will be created
  + resource "aws_lambda_permission" "allow_eventbridge" {
      + action              = "lambda:InvokeFunction"
      + function_name       = "680465557"
      + id                  = (known after apply)
      + principal           = "events.amazonaws.com"
      + region              = "us-east-1"
      + source_arn          = (known after apply)
      + statement_id        = "AllowExecutionFromEventBridge"
      + statement_id_prefix = (known after apply)
    }

  # aws_s3_bucket.cloudtrail_bucket will be created
  + resource "aws_s3_bucket" "cloudtrail_bucket" {
      + acceleration_status         = (known after apply)
      + acl                         = (known after apply)
      + arn                         = (known after apply)
      + bucket                      = "680465557"
      + bucket_domain_name          = (known after apply)
      + bucket_prefix               = (known after apply)
      + bucket_region               = (known after apply)
      + bucket_regional_domain_name = (known after apply)
      + force_destroy               = true
      + hosted_zone_id              = (known after apply)
      + id                          = (known after apply)
      + object_lock_enabled         = (known after apply)
      + policy                      = (known after apply)
      + region                      = "us-east-1"
      + request_payer               = (known after apply)
      + tags_all                    = (known after apply)
      + website_domain              = (known after apply)
      + website_endpoint            = (known after apply)

      + cors_rule (known after apply)

      + grant (known after apply)

      + lifecycle_rule (known after apply)

      + logging (known after apply)

      + object_lock_configuration (known after apply)

      + replication_configuration (known after apply)

      + server_side_encryption_configuration (known after apply)

      + versioning (known after apply)

      + website (known after apply)
    }

  # aws_s3_bucket_policy.cloudtrail_bucket_policy will be created
  + resource "aws_s3_bucket_policy" "cloudtrail_bucket_policy" {
      + bucket = (known after apply)
      + id     = (known after apply)
      + policy = (known after apply)
      + region = "us-east-1"
    }

Plan: 11 to add, 0 to change, 0 to destroy.
aws_iam_policy.lambda_policy: Creating...
aws_cloudwatch_event_rule.iam_and_orgs_rule: Creating...
aws_iam_role.lambda_role: Creating...
aws_s3_bucket.cloudtrail_bucket: Creating...
aws_cloudwatch_event_rule.iam_and_orgs_rule: Creation complete after 0s [id=680465557]
aws_iam_policy.lambda_policy: Creation complete after 0s [id=arn:aws:iam::000000000000:policy/680465557]
aws_iam_role.lambda_role: Creation complete after 0s [id=680465557]
aws_iam_role_policy_attachment.lambda_policy_attach: Creating...
aws_lambda_function.lambda_function: Creating...
aws_iam_role_policy_attachment.lambda_policy_attach: Creation complete after 0s [id=680465557/arn:aws:iam::000000000000:policy/680465557]
aws_s3_bucket.cloudtrail_bucket: Still creating... [00m10s elapsed]
aws_s3_bucket.cloudtrail_bucket: Still creating... [00m20s elapsed]
aws_s3_bucket.cloudtrail_bucket: Still creating... [00m30s elapsed]
aws_s3_bucket.cloudtrail_bucket: Still creating... [00m40s elapsed]
aws_s3_bucket.cloudtrail_bucket: Still creating... [00m50s elapsed]
aws_s3_bucket.cloudtrail_bucket: Still creating... [01m00s elapsed]
aws_s3_bucket.cloudtrail_bucket: Still creating... [01m10s elapsed]
aws_s3_bucket.cloudtrail_bucket: Still creating... [01m20s elapsed]
aws_s3_bucket.cloudtrail_bucket: Still creating... [01m30s elapsed]
aws_s3_bucket.cloudtrail_bucket: Still creating... [01m40s elapsed]
aws_s3_bucket.cloudtrail_bucket: Still creating... [01m50s elapsed]
aws_s3_bucket.cloudtrail_bucket: Still creating... [02m00s elapsed]
aws_s3_bucket.cloudtrail_bucket: Still creating... [02m10s elapsed]
aws_s3_bucket.cloudtrail_bucket: Still creating... [02m20s elapsed]
aws_s3_bucket.cloudtrail_bucket: Still creating... [02m30s elapsed]
aws_s3_bucket.cloudtrail_bucket: Still creating... [02m40s elapsed]
aws_s3_bucket.cloudtrail_bucket: Still creating... [02m50s elapsed]
