data.aws_vpc.default: Reading...
data.aws_vpc.default: Read complete after 0s [id=vpc-19e189ec4631a23ce]
data.aws_subnets.default: Reading...
data.aws_subnets.default: Read complete after 0s [id=us-east-1]

Terraform used the selected providers to generate the following execution
plan. Resource actions are indicated with the following symbols:
  + create

Terraform will perform the following actions:

  # aws_cloudwatch_log_group.app will be created
  + resource "aws_cloudwatch_log_group" "app" {
      + arn                         = (known after apply)
      + deletion_protection_enabled = (known after apply)
      + id                          = (known after apply)
      + log_group_class             = (known after apply)
      + name                        = "/ecs/axum-app"
      + name_prefix                 = (known after apply)
      + region                      = "us-east-1"
      + retention_in_days           = 7
      + skip_destroy                = false
      + tags_all                    = {
          + "Managed" = "terraform"
          + "Project" = "axum-app"
        }
    }

  # aws_ecs_cluster.this will be created
  + resource "aws_ecs_cluster" "this" {
      + arn      = (known after apply)
      + id       = (known after apply)
      + name     = "axum-app-cluster"
      + region   = "us-east-1"
      + tags_all = {
          + "Managed" = "terraform"
          + "Project" = "axum-app"
        }

      + setting (known after apply)
    }

  # aws_ecs_service.this will be created
  + resource "aws_ecs_service" "this" {
      + arn                                = (known after apply)
      + availability_zone_rebalancing      = (known after apply)
      + cluster                            = (known after apply)
      + deployment_maximum_percent         = 200
      + deployment_minimum_healthy_percent = 100
      + desired_count                      = 1
      + enable_ecs_managed_tags            = false
      + enable_execute_command             = false
      + iam_role                           = (known after apply)
      + id                                 = (known after apply)
      + launch_type                        = "FARGATE"
      + name                               = "axum-app-service"
      + platform_version                   = (known after apply)
      + region                             = "us-east-1"
      + scheduling_strategy                = "REPLICA"
      + tags_all                           = {
          + "Managed" = "terraform"
          + "Project" = "axum-app"
        }
      + task_definition                    = (known after apply)
      + triggers                           = (known after apply)
      + wait_for_steady_state              = false

      + deployment_configuration (known after apply)

      + network_configuration {
          + assign_public_ip = true
          + security_groups  = (known after apply)
          + subnets          = [
              + "subnet-0b470a7f86ec837f7",
              + "subnet-1d0ccc89a81976180",
              + "subnet-9f9d79851809f50ab",
              + "subnet-cce4a34320d420f68",
              + "subnet-e7d2cbda4e612d42a",
              + "subnet-eb6a2ed3c386c73a8",
            ]
        }
    }

  # aws_ecs_task_definition.this will be created
  + resource "aws_ecs_task_definition" "this" {
      + arn                      = (known after apply)
      + arn_without_revision     = (known after apply)
      + container_definitions    = jsonencode(
            [
              + {
                  + essential        = true
                  + image            = "public.ecr.aws/docker/library/httpd:latest"
                  + logConfiguration = {
                      + logDriver = "awslogs"
                      + options   = {
                          + awslogs-group         = "/ecs/axum-app"
                          + awslogs-region        = "us-east-1"
                          + awslogs-stream-prefix = "ecs"
                        }
                    }
                  + name             = "axum-app"
                  + portMappings     = [
                      + {
                          + containerPort = 3000
                          + hostPort      = 3000
                          + protocol      = "tcp"
                        },
                    ]
                },
            ]
        )
      + cpu                      = "256"
      + enable_fault_injection   = (known after apply)
      + execution_role_arn       = (known after apply)
      + family                   = "axum-app"
      + id                       = (known after apply)
      + memory                   = "512"
      + network_mode             = "awsvpc"
      + region                   = "us-east-1"
      + requires_compatibilities = [
          + "FARGATE",
        ]
      + revision                 = (known after apply)
      + skip_destroy             = false
      + tags_all                 = {
          + "Managed" = "terraform"
          + "Project" = "axum-app"
        }
      + track_latest             = false
    }

  # aws_iam_role.ecs_task_execution will be created
  + resource "aws_iam_role" "ecs_task_execution" {
      + arn                   = (known after apply)
      + assume_role_policy    = jsonencode(
            {
              + Statement = [
                  + {
                      + Action    = "sts:AssumeRole"
                      + Effect    = "Allow"
                      + Principal = {
                          + Service = "ecs-tasks.amazonaws.com"
                        }
                    },
                ]
              + Version   = "2012-10-17"
            }
        )
      + create_date           = (known after apply)
      + force_detach_policies = false
      + id                    = (known after apply)
      + managed_policy_arns   = (known after apply)
      + max_session_duration  = 3600
      + name                  = "axum-app-ecs-task-exec"
      + name_prefix           = (known after apply)
      + path                  = "/"
      + tags_all              = {
          + "Managed" = "terraform"
          + "Project" = "axum-app"
        }
      + unique_id             = (known after apply)

      + inline_policy (known after apply)
    }

  # aws_iam_role_policy_attachment.ecs_task_execution will be created
  + resource "aws_iam_role_policy_attachment" "ecs_task_execution" {
      + id         = (known after apply)
      + policy_arn = "arn:aws:iam::aws:policy/service-role/AmazonECSTaskExecutionRolePolicy"
      + role       = "axum-app-ecs-task-exec"
    }

  # aws_security_group.ecs_service will be created
  + resource "aws_security_group" "ecs_service" {
      + arn                    = (known after apply)
      + description            = "Allow inbound HTTP to ECS tasks"
      + egress                 = [
          + {
              + cidr_blocks      = [
                  + "0.0.0.0/0",
                ]
              + from_port        = 0
              + ipv6_cidr_blocks = []
              + prefix_list_ids  = []
              + protocol         = "-1"
              + security_groups  = []
              + self             = false
              + to_port          = 0
                # (1 unchanged attribute hidden)
            },
        ]
      + id                     = (known after apply)
      + ingress                = [
          + {
              + cidr_blocks      = [
                  + "0.0.0.0/0",
                ]
              + description      = "HTTP"
              + from_port        = 3000
              + ipv6_cidr_blocks = []
              + prefix_list_ids  = []
              + protocol         = "tcp"
              + security_groups  = []
              + self             = false
              + to_port          = 3000
            },
        ]
      + name                   = "axum-app-ecs-sg"
      + name_prefix            = (known after apply)
      + owner_id               = (known after apply)
      + region                 = "us-east-1"
      + revoke_rules_on_delete = false
      + tags_all               = {
          + "Managed" = "terraform"
          + "Project" = "axum-app"
        }
      + vpc_id                 = "vpc-19e189ec4631a23ce"
    }

Plan: 7 to add, 0 to change, 0 to destroy.

Changes to Outputs:
  + ecs_cluster_name = "axum-app-cluster"
  + ecs_service_name = "axum-app-service"
  + log_group_name   = "/ecs/axum-app"
aws_cloudwatch_log_group.app: Creating...
aws_iam_role.ecs_task_execution: Creating...
aws_ecs_cluster.this: Creating...
aws_security_group.ecs_service: Creating...
aws_security_group.ecs_service: Creation complete after 0s [id=sg-8282246d04d0f2c17]
aws_iam_role.ecs_task_execution: Creation complete after 0s [id=axum-app-ecs-task-exec]
aws_iam_role_policy_attachment.ecs_task_execution: Creating...
aws_iam_role_policy_attachment.ecs_task_execution: Creation complete after 0s [id=axum-app-ecs-task-exec/arn:aws:iam::aws:policy/service-role/AmazonECSTaskExecutionRolePolicy]
aws_cloudwatch_log_group.app: Creation complete after 0s [id=/ecs/axum-app]
aws_ecs_task_definition.this: Creating...
aws_ecs_task_definition.this: Creation complete after 0s [id=axum-app]
aws_ecs_cluster.this: Still creating... [00m10s elapsed]
aws_ecs_cluster.this: Creation complete after 10s [id=arn:aws:ecs:us-east-1:000000000000:cluster/axum-app-cluster]
aws_ecs_service.this: Creating...
aws_ecs_service.this: Creation complete after 7s [id=arn:aws:ecs:us-east-1:000000000000:service/axum-app-cluster/axum-app-service]

Apply complete! Resources: 7 added, 0 changed, 0 destroyed.

Outputs:

ecs_cluster_name = "axum-app-cluster"
ecs_service_name = "axum-app-service"
log_group_name = "/ecs/axum-app"
