{
  "version": 4,
  "terraform_version": "1.13.5",
  "serial": 1,
  "lineage": "b008adf0-247f-fd54-396b-dac9adb953ed",
  "outputs": {
    "aws_region": {
      "value": "us-west-2",
      "type": "string"
    }
  },
  "resources": [
    {
      "mode": "managed",
      "type": "random_id",
      "name": "suffix",
      "provider": "provider[\"registry.terraform.io/hashicorp/random\"]",
      "instances": [
        {
          "schema_version": 0,
          "attributes": {
            "b64_std": "qx/V4A==",
            "b64_url": "qx_V4A",
            "byte_length": 4,
            "dec": "2870990304",
            "hex": "ab1fd5e0",
            "id": "qx_V4A",
            "keepers": null,
            "prefix": null
          },
          "sensitive_attributes": [],
          "identity_schema_version": 0
        }
      ]
    }
  ],
  "check_results": null
}
