{"format_version":"1.2","terraform_version":"1.13.5","planned_values":{"outputs":{"consul_acl_token_node":{"sensitive":false},"consul_acl_token_nomad_client":{"sensitive":false},"consul_acl_token_nomad_server":{"sensitive":false},"consul_acl_token_traefik":{"sensitive":false}},"root_module":{"resources":[{"address":"consul_acl_policy.dns","mode":"managed","type":"consul_acl_policy","name":"dns","provider_name":"registry.terraform.io/hashicorp/consul","schema_version":0,"values":{"datacenters":null,"description":null,"name":"dns","namespace":null,"partition":null,"rules":"node_prefix \"\" {\n  policy = \"read\"\n}\n\nservice_prefix \"\" {\n  policy = \"read\"\n}\n"},"sensitive_values":{}},{"address":"consul_acl_policy.node","mode":"managed","type":"consul_acl_policy","name":"node","provider_name":"registry.terraform.io/hashicorp/consul","schema_version":0,"values":{"datacenters":null,"description":null,"name":"node-policy","namespace":null,"partition":null,"rules":"agent_prefix \"\" {\n  policy = \"write\"\n}\n\nnode_prefix \"\" {\n  policy = \"write\"\n}\n\nservice_prefix \"\" {\n  policy = \"read\"\n}\n\nsession_prefix \"\" {\n  policy = \"read\"\n}\n"},"sensitive_values":{}},{"address":"consul_acl_policy.nomad_client","mode":"managed","type":"consul_acl_policy","name":"nomad_client","provider_name":"registry.terraform.io/hashicorp/consul","schema_version":0,"values":{"datacenters":null,"description":"Nomad client policy","name":"nomad-client","namespace":null,"partition":null,"rules":"agent_prefix \"\" {\n  policy = \"read\"\n}\n\nnode_prefix \"\" {\n  policy = \"read\"\n}\n\nservice_prefix \"\" {\n  policy = \"write\"\n}\n\nkey_prefix \"\" {\n  policy = \"read\"\n}\n"},"sensitive_values":{}},{"address":"consul_acl_policy.nomad_server","mode":"managed","type":"consul_acl_policy","name":"nomad_server","provider_name":"registry.terraform.io/hashicorp/consul","schema_version":0,"values":{"datacenters":null,"description":"Nomad server policy","name":"nomad-server","namespace":null,"partition":null,"rules":"agent_prefix \"\" {\n  policy = \"read\"\n}\n\nnode_prefix \"\" {\n  policy = \"read\"\n}\n\nservice_prefix \"\" {\n  policy = \"write\"\n}\n\nacl = \"write\"\noperator = \"write\"\n"},"sensitive_values":{}},{"address":"consul_acl_policy.traefik","mode":"managed","type":"consul_acl_policy","name":"traefik","provider_name":"registry.terraform.io/hashicorp/consul","schema_version":0,"values":{"datacenters":null,"description":"Token for Traefik service","name":"traefik","namespace":null,"partition":null,"rules":"service_prefix \"\" {\n  policy = \"read\"\n}\n\nnode_prefix \"\"{\n  policy = \"read\"\n}\n"},"sensitive_values":{}},{"address":"consul_acl_token.node","mode":"managed","type":"consul_acl_token","name":"node","provider_name":"registry.terraform.io/hashicorp/consul","schema_version":0,"values":{"description":"node token","expiration_time":null,"local":null,"namespace":null,"node_identities":[],"partition":null,"policies":["node-policy"],"roles":null,"service_identities":[]},"sensitive_values":{"node_identities":[],"policies":[false],"service_identities":[]}},{"address":"consul_acl_token.nomad_client","mode":"managed","type":"consul_acl_token","name":"nomad_client","provider_name":"registry.terraform.io/hashicorp/consul","schema_version":0,"values":{"description":"Nomad client token","expiration_time":null,"local":null,"namespace":null,"node_identities":[],"partition":null,"policies":["nomad-client"],"roles":null,"service_identities":[]},"sensitive_values":{"node_identities":[],"policies":[false],"service_identities":[]}},{"address":"consul_acl_token.nomad_server","mode":"managed","type":"consul_acl_token","name":"nomad_server","provider_name":"registry.terraform.io/hashicorp/consul","schema_version":0,"values":{"description":"Nomad server token","expiration_time":null,"local":null,"namespace":null,"node_identities":[],"partition":null,"policies":["nomad-server"],"roles":null,"service_identities":[]},"sensitive_values":{"node_identities":[],"policies":[false],"service_identities":[]}},{"address":"consul_acl_token.traefik","mode":"managed","type":"consul_acl_token","name":"traefik","provider_name":"registry.terraform.io/hashicorp/consul","schema_version":0,"values":{"description":"Traefik token","expiration_time":null,"local":null,"namespace":null,"node_identities":[],"partition":null,"policies":["traefik"],"roles":null,"service_identities":[]},"sensitive_values":{"node_identities":[],"policies":[false],"service_identities":[]}},{"address":"consul_acl_token_policy_attachment.anonymous_dns","mode":"managed","type":"consul_acl_token_policy_attachment","name":"anonymous_dns","provider_name":"registry.terraform.io/hashicorp/consul","schema_version":0,"values":{"policy":"dns","token_id":"00000000-0000-0000-0000-000000000002"},"sensitive_values":{}}]}},"resource_changes":[{"address":"consul_acl_policy.dns","mode":"managed","type":"consul_acl_policy","name":"dns","provider_name":"registry.terraform.io/hashicorp/consul","change":{"actions":["create"],"before":null,"after":{"datacenters":null,"description":null,"name":"dns","namespace":null,"partition":null,"rules":"node_prefix \"\" {\n  policy = \"read\"\n}\n\nservice_prefix \"\" {\n  policy = \"read\"\n}\n"},"after_unknown":{"id":true},"before_sensitive":false,"after_sensitive":{}}},{"address":"consul_acl_policy.node","mode":"managed","type":"consul_acl_policy","name":"node","provider_name":"registry.terraform.io/hashicorp/consul","change":{"actions":["create"],"before":null,"after":{"datacenters":null,"description":null,"name":"node-policy","namespace":null,"partition":null,"rules":"agent_prefix \"\" {\n  policy = \"write\"\n}\n\nnode_prefix \"\" {\n  policy = \"write\"\n}\n\nservice_prefix \"\" {\n  policy = \"read\"\n}\n\nsession_prefix \"\" {\n  policy = \"read\"\n}\n"},"after_unknown":{"id":true},"before_sensitive":false,"after_sensitive":{}}},{"address":"consul_acl_policy.nomad_client","mode":"managed","type":"consul_acl_policy","name":"nomad_client","provider_name":"registry.terraform.io/hashicorp/consul","change":{"actions":["create"],"before":null,"after":{"datacenters":null,"description":"Nomad client policy","name":"nomad-client","namespace":null,"partition":null,"rules":"agent_prefix \"\" {\n  policy = \"read\"\n}\n\nnode_prefix \"\" {\n  policy = \"read\"\n}\n\nservice_prefix \"\" {\n  policy = \"write\"\n}\n\nkey_prefix \"\" {\n  policy = \"read\"\n}\n"},"after_unknown":{"id":true},"before_sensitive":false,"after_sensitive":{}}},{"address":"consul_acl_policy.nomad_server","mode":"managed","type":"consul_acl_policy","name":"nomad_server","provider_name":"registry.terraform.io/hashicorp/consul","change":{"actions":["create"],"before":null,"after":{"datacenters":null,"description":"Nomad server policy","name":"nomad-server","namespace":null,"partition":null,"rules":"agent_prefix \"\" {\n  policy = \"read\"\n}\n\nnode_prefix \"\" {\n  policy = \"read\"\n}\n\nservice_prefix \"\" {\n  policy = \"write\"\n}\n\nacl = \"write\"\noperator = \"write\"\n"},"after_unknown":{"id":true},"before_sensitive":false,"after_sensitive":{}}},{"address":"consul_acl_policy.traefik","mode":"managed","type":"consul_acl_policy","name":"traefik","provider_name":"registry.terraform.io/hashicorp/consul","change":{"actions":["create"],"before":null,"after":{"datacenters":null,"description":"Token for Traefik service","name":"traefik","namespace":null,"partition":null,"rules":"service_prefix \"\" {\n  policy = \"read\"\n}\n\nnode_prefix \"\"{\n  policy = \"read\"\n}\n"},"after_unknown":{"id":true},"before_sensitive":false,"after_sensitive":{}}},{"address":"consul_acl_token.node","mode":"managed","type":"consul_acl_token","name":"node","provider_name":"registry.terraform.io/hashicorp/consul","change":{"actions":["create"],"before":null,"after":{"description":"node token","expiration_time":null,"local":null,"namespace":null,"node_identities":[],"partition":null,"policies":["node-policy"],"roles":null,"service_identities":[]},"after_unknown":{"accessor_id":true,"id":true,"node_identities":[],"policies":[false],"service_identities":[]},"before_sensitive":false,"after_sensitive":{"node_identities":[],"policies":[false],"service_identities":[]}}},{"address":"consul_acl_token.nomad_client","mode":"managed","type":"consul_acl_token","name":"nomad_client","provider_name":"registry.terraform.io/hashicorp/consul","change":{"actions":["create"],"before":null,"after":{"description":"Nomad client token","expiration_time":null,"local":null,"namespace":null,"node_identities":[],"partition":null,"policies":["nomad-client"],"roles":null,"service_identities":[]},"after_unknown":{"accessor_id":true,"id":true,"node_identities":[],"policies":[false],"service_identities":[]},"before_sensitive":false,"after_sensitive":{"node_identities":[],"policies":[false],"service_identities":[]}}},{"address":"consul_acl_token.nomad_server","mode":"managed","type":"consul_acl_token","name":"nomad_server","provider_name":"registry.terraform.io/hashicorp/consul","change":{"actions":["create"],"before":null,"after":{"description":"Nomad server token","expiration_time":null,"local":null,"namespace":null,"node_identities":[],"partition":null,"policies":["nomad-server"],"roles":null,"service_identities":[]},"after_unknown":{"accessor_id":true,"id":true,"node_identities":[],"policies":[false],"service_identities":[]},"before_sensitive":false,"after_sensitive":{"node_identities":[],"policies":[false],"service_identities":[]}}},{"address":"consul_acl_token.traefik","mode":"managed","type":"consul_acl_token","name":"traefik","provider_name":"registry.terraform.io/hashicorp/consul","change":{"actions":["create"],"before":null,"after":{"description":"Traefik token","expiration_time":null,"local":null,"namespace":null,"node_identities":[],"partition":null,"policies":["traefik"],"roles":null,"service_identities":[]},"after_unknown":{"accessor_id":true,"id":true,"node_identities":[],"policies":[false],"service_identities":[]},"before_sensitive":false,"after_sensitive":{"node_identities":[],"policies":[false],"service_identities":[]}}},{"address":"consul_acl_token_policy_attachment.anonymous_dns","mode":"managed","type":"consul_acl_token_policy_attachment","name":"anonymous_dns","provider_name":"registry.terraform.io/hashicorp/consul","change":{"actions":["create"],"before":null,"after":{"policy":"dns","token_id":"00000000-0000-0000-0000-000000000002"},"after_unknown":{"id":true},"before_sensitive":false,"after_sensitive":{}}}],"output_changes":{"consul_acl_token_node":{"actions":["create"],"before":null,"after_unknown":true,"before_sensitive":false,"after_sensitive":false},"consul_acl_token_nomad_client":{"actions":["create"],"before":null,"after_unknown":true,"before_sensitive":false,"after_sensitive":false},"consul_acl_token_nomad_server":{"actions":["create"],"before":null,"after_unknown":true,"before_sensitive":false,"after_sensitive":false},"consul_acl_token_traefik":{"actions":["create"],"before":null,"after_unknown":true,"before_sensitive":false,"after_sensitive":false}},"configuration":{"provider_config":{"aws":{"name":"aws","full_name":"registry.terraform.io/hashicorp/aws","expressions":{"access_key":{"constant_value":"mock"},"endpoints":[{"apigateway":{"constant_value":"http://localhost:4566"},"apigatewayv2":{"constant_value":"http://localhost:4566"},"cloudwatch":{"constant_value":"http://localhost:4566"},"cloudwatchevents":{"constant_value":"http://localhost:4566"},"dynamodb":{"constant_value":"http://localhost:4566"},"ec2":{"constant_value":"http://localhost:4566"},"ecr":{"constant_value":"http://localhost:4566"},"ecrpublic":{"constant_value":"http://localhost:4566"},"ecs":{"constant_value":"http://localhost:4566"},"efs":{"constant_value":"http://localhost:4566"},"iam":{"constant_value":"http://localhost:4566"},"kinesis":{"constant_value":"http://localhost:4566"},"kms":{"constant_value":"http://localhost:4566"},"lambda":{"constant_value":"http://localhost:4566"},"logs":{"constant_value":"http://localhost:4566"},"route53":{"constant_value":"http://localhost:4566"},"s3":{"constant_value":"http://localhost:4566"},"s3control":{"constant_value":"http://localhost:4566"},"secretsmanager":{"constant_value":"http://localhost:4566"},"sns":{"constant_value":"http://localhost:4566"},"sqs":{"constant_value":"http://localhost:4566"},"ssm":{"constant_value":"http://localhost:4566"},"sts":{"constant_value":"http://localhost:4566"}}],"region":{"constant_value":"us-east-1"},"s3_use_path_style":{"constant_value":true},"secret_key":{"constant_value":"mock"},"skip_credentials_validation":{"constant_value":true},"skip_metadata_api_check":{"constant_value":true},"skip_region_validation":{"constant_value":true},"skip_requesting_account_id":{"constant_value":true}}},"consul":{"name":"consul","full_name":"registry.terraform.io/hashicorp/consul","version_constraint":"2.16.2","expressions":{"address":{"constant_value":"server.feijuca.consul:8501"},"scheme":{"constant_value":"https"}}}},"root_module":{"outputs":{"consul_acl_token_node":{"expression":{"references":["consul_acl_token.node.id","consul_acl_token.node"]}},"consul_acl_token_nomad_client":{"expression":{"references":["consul_acl_token.nomad_client.id","consul_acl_token.nomad_client"]}},"consul_acl_token_nomad_server":{"expression":{"references":["consul_acl_token.nomad_server.id","consul_acl_token.nomad_server"]}},"consul_acl_token_traefik":{"expression":{"references":["consul_acl_token.traefik.id","consul_acl_token.traefik"]}}},"resources":[{"address":"consul_acl_policy.dns","mode":"managed","type":"consul_acl_policy","name":"dns","provider_config_key":"consul","expressions":{"name":{"constant_value":"dns"},"rules":{"constant_value":"node_prefix \"\" {\n  policy = \"read\"\n}\n\nservice_prefix \"\" {\n  policy = \"read\"\n}\n"}},"schema_version":0},{"address":"consul_acl_policy.node","mode":"managed","type":"consul_acl_policy","name":"node","provider_config_key":"consul","expressions":{"name":{"constant_value":"node-policy"},"rules":{"constant_value":"agent_prefix \"\" {\n  policy = \"write\"\n}\n\nnode_prefix \"\" {\n  policy = \"write\"\n}\n\nservice_prefix \"\" {\n  policy = \"read\"\n}\n\nsession_prefix \"\" {\n  policy = \"read\"\n}\n"}},"schema_version":0},{"address":"consul_acl_policy.nomad_client","mode":"managed","type":"consul_acl_policy","name":"nomad_client","provider_config_key":"consul","expressions":{"description":{"constant_value":"Nomad client policy"},"name":{"constant_value":"nomad-client"},"rules":{"constant_value":"agent_prefix \"\" {\n  policy = \"read\"\n}\n\nnode_prefix \"\" {\n  policy = \"read\"\n}\n\nservice_prefix \"\" {\n  policy = \"write\"\n}\n\nkey_prefix \"\" {\n  policy = \"read\"\n}\n"}},"schema_version":0},{"address":"consul_acl_policy.nomad_server","mode":"managed","type":"consul_acl_policy","name":"nomad_server","provider_config_key":"consul","expressions":{"description":{"constant_value":"Nomad server policy"},"name":{"constant_value":"nomad-server"},"rules":{"constant_value":"agent_prefix \"\" {\n  policy = \"read\"\n}\n\nnode_prefix \"\" {\n  policy = \"read\"\n}\n\nservice_prefix \"\" {\n  policy = \"write\"\n}\n\nacl = \"write\"\noperator = \"write\"\n"}},"schema_version":0},{"address":"consul_acl_policy.traefik","mode":"managed","type":"consul_acl_policy","name":"traefik","provider_config_key":"consul","expressions":{"description":{"constant_value":"Token for Traefik service"},"name":{"constant_value":"traefik"},"rules":{"constant_value":"service_prefix \"\" {\n  policy = \"read\"\n}\n\nnode_prefix \"\"{\n  policy = \"read\"\n}\n"}},"schema_version":0},{"address":"consul_acl_token.node","mode":"managed","type":"consul_acl_token","name":"node","provider_config_key":"consul","expressions":{"description":{"constant_value":"node token"},"policies":{"references":["consul_acl_policy.node.name","consul_acl_policy.node"]}},"schema_version":0},{"address":"consul_acl_token.nomad_client","mode":"managed","type":"consul_acl_token","name":"nomad_client","provider_config_key":"consul","expressions":{"description":{"constant_value":"Nomad client token"},"policies":{"references":["consul_acl_policy.nomad_client.name","consul_acl_policy.nomad_client"]}},"schema_version":0},{"address":"consul_acl_token.nomad_server","mode":"managed","type":"consul_acl_token","name":"nomad_server","provider_config_key":"consul","expressions":{"description":{"constant_value":"Nomad server token"},"policies":{"references":["consul_acl_policy.nomad_server.name","consul_acl_policy.nomad_server"]}},"schema_version":0},{"address":"consul_acl_token.traefik","mode":"managed","type":"consul_acl_token","name":"traefik","provider_config_key":"consul","expressions":{"description":{"constant_value":"Traefik token"},"policies":{"references":["consul_acl_policy.traefik.name","consul_acl_policy.traefik"]}},"schema_version":0},{"address":"consul_acl_token_policy_attachment.anonymous_dns","mode":"managed","type":"consul_acl_token_policy_attachment","name":"anonymous_dns","provider_config_key":"consul","expressions":{"policy":{"references":["consul_acl_policy.dns.name","consul_acl_policy.dns"]},"token_id":{"constant_value":"00000000-0000-0000-0000-000000000002"}},"schema_version":0}]}},"relevant_attributes":[{"resource":"consul_acl_policy.node","attribute":["name"]},{"resource":"consul_acl_policy.dns","attribute":["name"]},{"resource":"consul_acl_policy.nomad_server","attribute":["name"]},{"resource":"consul_acl_policy.nomad_client","attribute":["name"]},{"resource":"consul_acl_policy.traefik","attribute":["name"]},{"resource":"consul_acl_token.node","attribute":["id"]},{"resource":"consul_acl_token.nomad_client","attribute":["id"]},{"resource":"consul_acl_token.nomad_server","attribute":["id"]},{"resource":"consul_acl_token.traefik","attribute":["id"]}],"timestamp":"2026-01-18T09:30:25Z","applyable":true,"complete":true,"errored":false}
