{"format_version":"1.2","terraform_version":"1.13.5","variables":{"aws_region":{"value":"us-east-1"},"dynamodb_hash_key":{"value":"id"},"dynamodb_table_name":{"value":"ai_codegen_table"},"frontend_bucket_name":{"value":"ai-codegen-frontend"},"lambda_handler":{"value":"lambda.lambda_handler"},"lambda_memory_size":{"value":256},"lambda_runtime":{"value":"python3.11"},"lambda_timeout":{"value":30},"project_name":{"value":"ai-codegen"}},"planned_values":{"outputs":{"api_gateway_invoke_url":{"sensitive":false},"cloudfront_domain_name":{"sensitive":false},"dynamodb_table_name":{"sensitive":false,"type":"string","value":"ai_codegen_table"}},"root_module":{"resources":[{"address":"aws_api_gateway_deployment.main","mode":"managed","type":"aws_api_gateway_deployment","name":"main","provider_name":"registry.terraform.io/hashicorp/aws","schema_version":0,"values":{"description":null,"region":"us-east-1","triggers":null,"variables":null},"sensitive_values":{}},{"address":"aws_api_gateway_integration.lambda","mode":"managed","type":"aws_api_gateway_integration","name":"lambda","provider_name":"registry.terraform.io/hashicorp/aws","schema_version":0,"values":{"cache_key_parameters":null,"connection_id":null,"connection_type":"INTERNET","content_handling":null,"credentials":null,"http_method":"ANY","integration_http_method":"POST","integration_target":null,"region":"us-east-1","request_parameters":null,"request_templates":null,"timeout_milliseconds":29000,"tls_config":[],"type":"AWS_PROXY"},"sensitive_values":{"tls_config":[]}},{"address":"aws_api_gateway_method.proxy","mode":"managed","type":"aws_api_gateway_method","name":"proxy","provider_name":"registry.terraform.io/hashicorp/aws","schema_version":0,"values":{"api_key_required":false,"authorization":"NONE","authorization_scopes":null,"authorizer_id":null,"http_method":"ANY","operation_name":null,"region":"us-east-1","request_models":null,"request_parameters":{"method.request.path.proxy":true},"request_validator_id":null},"sensitive_values":{"request_parameters":{}}},{"address":"aws_api_gateway_resource.proxy","mode":"managed","type":"aws_api_gateway_resource","name":"proxy","provider_name":"registry.terraform.io/hashicorp/aws","schema_version":0,"values":{"path_part":"{proxy+}","region":"us-east-1"},"sensitive_values":{}},{"address":"aws_api_gateway_rest_api.main","mode":"managed","type":"aws_api_gateway_rest_api","name":"main","provider_name":"registry.terraform.io/hashicorp/aws","schema_version":0,"values":{"body":null,"description":"API Gateway for Lambda backend","fail_on_warnings":null,"name":"ai-codegen-api","parameters":null,"put_rest_api_mode":null,"region":"us-east-1","tags":null},"sensitive_values":{"binary_media_types":[],"endpoint_configuration":[],"tags_all":{}}},{"address":"aws_cloudfront_distribution.frontend","mode":"managed","type":"aws_cloudfront_distribution","name":"frontend","provider_name":"registry.terraform.io/hashicorp/aws","schema_version":1,"values":{"aliases":null,"anycast_ip_list_id":null,"comment":null,"custom_error_response":[],"default_cache_behavior":[{"allowed_methods":["GET","HEAD","OPTIONS"],"cache_policy_id":null,"cached_methods":["GET","HEAD"],"compress":false,"field_level_encryption_id":null,"forwarded_values":[{"cookies":[{"forward":"none"}],"query_string":false}],"function_association":[],"lambda_function_association":[],"min_ttl":0,"origin_request_policy_id":null,"realtime_log_config_arn":null,"response_headers_policy_id":null,"smooth_streaming":null,"target_origin_id":"s3-frontend","viewer_protocol_policy":"redirect-to-https"}],"default_root_object":"index.html","enabled":true,"http_version":"http2","is_ipv6_enabled":true,"logging_config":[],"ordered_cache_behavior":[],"origin":[{"connection_attempts":3,"connection_timeout":10,"custom_header":[],"custom_origin_config":[],"origin_access_control_id":"","origin_id":"s3-frontend","origin_path":"","origin_shield":[],"s3_origin_config":[{}],"vpc_origin_config":[]}],"origin_group":[],"price_class":"PriceClass_100","restrictions":[{"geo_restriction":[{"restriction_type":"none"}]}],"retain_on_delete":false,"staging":false,"tags":{"Name":"ai-codegen-frontend-cdn"},"tags_all":{"Name":"ai-codegen-frontend-cdn"},"viewer_certificate":[{"acm_certificate_arn":null,"cloudfront_default_certificate":true,"iam_certificate_id":null,"minimum_protocol_version":"TLSv1","ssl_support_method":null}],"wait_for_deployment":true,"web_acl_id":null},"sensitive_values":{"custom_error_response":[],"default_cache_behavior":[{"allowed_methods":[false,false,false],"cached_methods":[false,false],"forwarded_values":[{"cookies":[{"whitelisted_names":[]}],"headers":[],"query_string_cache_keys":[]}],"function_association":[],"grpc_config":[],"lambda_function_association":[],"trusted_key_groups":[],"trusted_signers":[]}],"logging_config":[],"ordered_cache_behavior":[],"origin":[{"custom_header":[],"custom_origin_config":[],"origin_shield":[],"s3_origin_config":[{}],"vpc_origin_config":[]}],"origin_group":[],"restrictions":[{"geo_restriction":[{"locations":[]}]}],"tags":{},"tags_all":{},"trusted_key_groups":[],"trusted_signers":[],"viewer_certificate":[{}]}},{"address":"aws_cloudfront_origin_access_identity.frontend_oai","mode":"managed","type":"aws_cloudfront_origin_access_identity","name":"frontend_oai","provider_name":"registry.terraform.io/hashicorp/aws","schema_version":0,"values":{"comment":"OAI for frontend S3 bucket"},"sensitive_values":{}},{"address":"aws_dynamodb_table.main","mode":"managed","type":"aws_dynamodb_table","name":"main","provider_name":"registry.terraform.io/hashicorp/aws","schema_version":1,"values":{"attribute":[{"name":"id","type":"S"}],"billing_mode":"PAY_PER_REQUEST","deletion_protection_enabled":null,"global_secondary_index":[],"hash_key":"id","import_table":[],"local_secondary_index":[],"name":"ai_codegen_table","on_demand_throughput":[],"range_key":null,"region":"us-east-1","replica":[],"restore_date_time":null,"restore_source_name":null,"restore_source_table_arn":null,"restore_to_latest_time":null,"stream_enabled":null,"table_class":null,"tags":{"Name":"ai-codegen-dynamodb"},"tags_all":{"Name":"ai-codegen-dynamodb"},"timeouts":null},"sensitive_values":{"attribute":[{}],"global_secondary_index":[],"global_table_witness":[],"import_table":[],"local_secondary_index":[],"on_demand_throughput":[],"point_in_time_recovery":[],"replica":[],"server_side_encryption":[],"tags":{},"tags_all":{},"ttl":[],"warm_throughput":[]}},{"address":"aws_iam_role.lambda_exec","mode":"managed","type":"aws_iam_role","name":"lambda_exec","provider_name":"registry.terraform.io/hashicorp/aws","schema_version":0,"values":{"assume_role_policy":"{\"Statement\":[{\"Action\":\"sts:AssumeRole\",\"Effect\":\"Allow\",\"Principal\":{\"Service\":\"lambda.amazonaws.com\"}}],\"Version\":\"2012-10-17\"}","description":null,"force_detach_policies":false,"max_session_duration":3600,"name":"ai-codegen-lambda-exec","path":"/","permissions_boundary":null,"tags":null},"sensitive_values":{"inline_policy":[],"managed_policy_arns":[],"tags_all":{}},"identity_schema_version":0,"identity":{"account_id":null,"name":null}},{"address":"aws_iam_role_policy.lambda_policy","mode":"managed","type":"aws_iam_role_policy","name":"lambda_policy","provider_name":"registry.terraform.io/hashicorp/aws","schema_version":0,"values":{"name":"ai-codegen-lambda-policy"},"sensitive_values":{},"identity_schema_version":0,"identity":{"account_id":null,"name":null,"role":null}},{"address":"aws_lambda_function.main","mode":"managed","type":"aws_lambda_function","name":"main","provider_name":"registry.terraform.io/hashicorp/aws","schema_version":0,"values":{"capacity_provider_config":[],"code_signing_config_arn":null,"dead_letter_config":[],"description":null,"durable_config":[],"environment":[{"variables":{"TABLE_NAME":"ai_codegen_table"}}],"file_system_config":[],"filename":"./.dummy/lambda.zip","function_name":"ai-codegen-lambda","handler":"lambda.lambda_handler","image_config":[],"image_uri":null,"kms_key_arn":null,"layers":null,"memory_size":256,"package_type":"Zip","publish":false,"publish_to":null,"region":"us-east-1","replace_security_groups_on_destroy":null,"replacement_security_group_ids":null,"reserved_concurrent_executions":-1,"runtime":"python3.11","s3_bucket":null,"s3_key":null,"s3_object_version":null,"skip_destroy":false,"snap_start":[],"source_code_hash":"wmbalFzzY/wG3ivChKElOZB3+B4gptmQyIat05p+fU4=","source_kms_key_arn":null,"tags":{"Name":"ai-codegen-lambda"},"tags_all":{"Name":"ai-codegen-lambda"},"tenancy_config":[],"timeout":30,"timeouts":null,"vpc_config":[]},"sensitive_values":{"architectures":[],"capacity_provider_config":[],"dead_letter_config":[],"durable_config":[],"environment":[{"variables":{}}],"ephemeral_storage":[],"file_system_config":[],"image_config":[],"logging_config":[],"snap_start":[],"tags":{},"tags_all":{},"tenancy_config":[],"tracing_config":[],"vpc_config":[]},"identity_schema_version":0,"identity":{"account_id":null,"function_name":null,"region":null}},{"address":"aws_lambda_permission.apigw","mode":"managed","type":"aws_lambda_permission","name":"apigw","provider_name":"registry.terraform.io/hashicorp/aws","schema_version":0,"values":{"action":"lambda:InvokeFunction","event_source_token":null,"function_name":"ai-codegen-lambda","function_url_auth_type":null,"principal":"apigateway.amazonaws.com","principal_org_id":null,"qualifier":null,"region":"us-east-1","source_account":null,"statement_id":"AllowAPIGatewayInvoke"},"sensitive_values":{},"identity_schema_version":0,"identity":{"account_id":null,"function_name":null,"qualifier":null,"region":null,"statement_id":null}},{"address":"aws_s3_bucket.frontend","mode":"managed","type":"aws_s3_bucket","name":"frontend","provider_name":"registry.terraform.io/hashicorp/aws","schema_version":0,"values":{"bucket":"ai-codegen-frontend","force_destroy":true,"region":"us-east-1","tags":{"Name":"ai-codegen-frontend"},"tags_all":{"Name":"ai-codegen-frontend"},"timeouts":null},"sensitive_values":{"cors_rule":[],"grant":[],"lifecycle_rule":[],"logging":[],"object_lock_configuration":[],"replication_configuration":[],"server_side_encryption_configuration":[],"tags":{},"tags_all":{},"versioning":[],"website":[]},"identity_schema_version":0,"identity":{"account_id":null,"bucket":null,"region":null}},{"address":"aws_s3_bucket_policy.frontend","mode":"managed","type":"aws_s3_bucket_policy","name":"frontend","provider_name":"registry.terraform.io/hashicorp/aws","schema_version":0,"values":{"region":"us-east-1"},"sensitive_values":{},"identity_schema_version":0,"identity":{"account_id":null,"bucket":null,"region":null}},{"address":"aws_s3_bucket_public_access_block.frontend","mode":"managed","type":"aws_s3_bucket_public_access_block","name":"frontend","provider_name":"registry.terraform.io/hashicorp/aws","schema_version":0,"values":{"block_public_acls":true,"block_public_policy":true,"ignore_public_acls":true,"region":"us-east-1","restrict_public_buckets":true,"skip_destroy":null},"sensitive_values":{},"identity_schema_version":0,"identity":{"account_id":null,"bucket":null,"region":null}},{"address":"data.aws_iam_policy_document.frontend_s3_policy","mode":"data","type":"aws_iam_policy_document","name":"frontend_s3_policy","provider_name":"registry.terraform.io/hashicorp/aws","schema_version":0,"values":{"override_json":null,"override_policy_documents":null,"policy_id":null,"source_json":null,"source_policy_documents":null,"statement":[{"actions":["s3:GetObject"],"condition":[],"effect":null,"not_actions":null,"not_principals":[],"not_resources":null,"principals":[{"identifiers":[null],"type":"AWS"}],"resources":[null],"sid":null}],"version":null},"sensitive_values":{"statement":[{"actions":[false],"condition":[],"not_principals":[],"principals":[{"identifiers":[false]}],"resources":[false]}]}},{"address":"data.aws_iam_policy_document.lambda_policy","mode":"data","type":"aws_iam_policy_document","name":"lambda_policy","provider_name":"registry.terraform.io/hashicorp/aws","schema_version":0,"values":{"override_json":null,"override_policy_documents":null,"policy_id":null,"source_json":null,"source_policy_documents":null,"statement":[{"actions":["dynamodb:DeleteItem","dynamodb:GetItem","dynamodb:PutItem","dynamodb:Query","dynamodb:Scan","dynamodb:UpdateItem"],"condition":[],"effect":null,"not_actions":null,"not_principals":[],"not_resources":null,"principals":[],"resources":[null,null],"sid":null},{"actions":["logs:CreateLogGroup","logs:CreateLogStream","logs:PutLogEvents"],"condition":[],"effect":null,"not_actions":null,"not_principals":[],"not_resources":null,"principals":[],"resources":["arn:aws:logs:*:*:*"],"sid":null}],"version":null},"sensitive_values":{"statement":[{"actions":[false,false,false,false,false,false],"condition":[],"not_principals":[],"principals":[],"resources":[false,false]},{"actions":[false,false,false],"condition":[],"not_principals":[],"principals":[],"resources":[false]}]}}]}},"resource_changes":[{"address":"data.aws_iam_policy_document.frontend_s3_policy","mode":"data","type":"aws_iam_policy_document","name":"frontend_s3_policy","provider_name":"registry.terraform.io/hashicorp/aws","change":{"actions":["read"],"before":null,"after":{"override_json":null,"override_policy_documents":null,"policy_id":null,"source_json":null,"source_policy_documents":null,"statement":[{"actions":["s3:GetObject"],"condition":[],"effect":null,"not_actions":null,"not_principals":[],"not_resources":null,"principals":[{"identifiers":[null],"type":"AWS"}],"resources":[null],"sid":null}],"version":null},"after_unknown":{"id":true,"json":true,"minified_json":true,"statement":[{"actions":[false],"condition":[],"not_principals":[],"principals":[{"identifiers":[true]}],"resources":[true]}]},"before_sensitive":false,"after_sensitive":{"statement":[{"actions":[false],"condition":[],"not_principals":[],"principals":[{"identifiers":[false]}],"resources":[false]}]}},"action_reason":"read_because_config_unknown"},{"address":"data.aws_iam_policy_document.lambda_policy","mode":"data","type":"aws_iam_policy_document","name":"lambda_policy","provider_name":"registry.terraform.io/hashicorp/aws","change":{"actions":["read"],"before":null,"after":{"override_json":null,"override_policy_documents":null,"policy_id":null,"source_json":null,"source_policy_documents":null,"statement":[{"actions":["dynamodb:DeleteItem","dynamodb:GetItem","dynamodb:PutItem","dynamodb:Query","dynamodb:Scan","dynamodb:UpdateItem"],"condition":[],"effect":null,"not_actions":null,"not_principals":[],"not_resources":null,"principals":[],"resources":[null,null],"sid":null},{"actions":["logs:CreateLogGroup","logs:CreateLogStream","logs:PutLogEvents"],"condition":[],"effect":null,"not_actions":null,"not_principals":[],"not_resources":null,"principals":[],"resources":["arn:aws:logs:*:*:*"],"sid":null}],"version":null},"after_unknown":{"id":true,"json":true,"minified_json":true,"statement":[{"actions":[false,false,false,false,false,false],"condition":[],"not_principals":[],"principals":[],"resources":[true,true]},{"actions":[false,false,false],"condition":[],"not_principals":[],"principals":[],"resources":[false]}]},"before_sensitive":false,"after_sensitive":{"statement":[{"actions":[false,false,false,false,false,false],"condition":[],"not_principals":[],"principals":[],"resources":[false,false]},{"actions":[false,false,false],"condition":[],"not_principals":[],"principals":[],"resources":[false]}]}},"action_reason":"read_because_config_unknown"},{"address":"aws_api_gateway_deployment.main","mode":"managed","type":"aws_api_gateway_deployment","name":"main","provider_name":"registry.terraform.io/hashicorp/aws","change":{"actions":["create"],"before":null,"after":{"description":null,"region":"us-east-1","triggers":null,"variables":null},"after_unknown":{"created_date":true,"id":true,"rest_api_id":true},"before_sensitive":false,"after_sensitive":{}}},{"address":"aws_api_gateway_integration.lambda","mode":"managed","type":"aws_api_gateway_integration","name":"lambda","provider_name":"registry.terraform.io/hashicorp/aws","change":{"actions":["create"],"before":null,"after":{"cache_key_parameters":null,"connection_id":null,"connection_type":"INTERNET","content_handling":null,"credentials":null,"http_method":"ANY","integration_http_method":"POST","integration_target":null,"region":"us-east-1","request_parameters":null,"request_templates":null,"timeout_milliseconds":29000,"tls_config":[],"type":"AWS_PROXY"},"after_unknown":{"cache_namespace":true,"id":true,"passthrough_behavior":true,"resource_id":true,"response_transfer_mode":true,"rest_api_id":true,"tls_config":[],"uri":true},"before_sensitive":false,"after_sensitive":{"tls_config":[]}}},{"address":"aws_api_gateway_method.proxy","mode":"managed","type":"aws_api_gateway_method","name":"proxy","provider_name":"registry.terraform.io/hashicorp/aws","change":{"actions":["create"],"before":null,"after":{"api_key_required":false,"authorization":"NONE","authorization_scopes":null,"authorizer_id":null,"http_method":"ANY","operation_name":null,"region":"us-east-1","request_models":null,"request_parameters":{"method.request.path.proxy":true},"request_validator_id":null},"after_unknown":{"id":true,"request_parameters":{},"resource_id":true,"rest_api_id":true},"before_sensitive":false,"after_sensitive":{"request_parameters":{}}}},{"address":"aws_api_gateway_resource.proxy","mode":"managed","type":"aws_api_gateway_resource","name":"proxy","provider_name":"registry.terraform.io/hashicorp/aws","change":{"actions":["create"],"before":null,"after":{"path_part":"{proxy+}","region":"us-east-1"},"after_unknown":{"id":true,"parent_id":true,"path":true,"rest_api_id":true},"before_sensitive":false,"after_sensitive":{}}},{"address":"aws_api_gateway_rest_api.main","mode":"managed","type":"aws_api_gateway_rest_api","name":"main","provider_name":"registry.terraform.io/hashicorp/aws","change":{"actions":["create"],"before":null,"after":{"body":null,"description":"API Gateway for Lambda backend","fail_on_warnings":null,"name":"ai-codegen-api","parameters":null,"put_rest_api_mode":null,"region":"us-east-1","tags":null},"after_unknown":{"api_key_source":true,"arn":true,"binary_media_types":true,"created_date":true,"disable_execute_api_endpoint":true,"endpoint_configuration":true,"execution_arn":true,"id":true,"minimum_compression_size":true,"policy":true,"root_resource_id":true,"tags_all":true},"before_sensitive":false,"after_sensitive":{"binary_media_types":[],"endpoint_configuration":[],"tags_all":{}}}},{"address":"aws_cloudfront_distribution.frontend","mode":"managed","type":"aws_cloudfront_distribution","name":"frontend","provider_name":"registry.terraform.io/hashicorp/aws","change":{"actions":["create"],"before":null,"after":{"aliases":null,"anycast_ip_list_id":null,"comment":null,"custom_error_response":[],"default_cache_behavior":[{"allowed_methods":["GET","HEAD","OPTIONS"],"cache_policy_id":null,"cached_methods":["GET","HEAD"],"compress":false,"field_level_encryption_id":null,"forwarded_values":[{"cookies":[{"forward":"none"}],"query_string":false}],"function_association":[],"lambda_function_association":[],"min_ttl":0,"origin_request_policy_id":null,"realtime_log_config_arn":null,"response_headers_policy_id":null,"smooth_streaming":null,"target_origin_id":"s3-frontend","viewer_protocol_policy":"redirect-to-https"}],"default_root_object":"index.html","enabled":true,"http_version":"http2","is_ipv6_enabled":true,"logging_config":[],"ordered_cache_behavior":[],"origin":[{"connection_attempts":3,"connection_timeout":10,"custom_header":[],"custom_origin_config":[],"origin_access_control_id":"","origin_id":"s3-frontend","origin_path":"","origin_shield":[],"s3_origin_config":[{}],"vpc_origin_config":[]}],"origin_group":[],"price_class":"PriceClass_100","restrictions":[{"geo_restriction":[{"restriction_type":"none"}]}],"retain_on_delete":false,"staging":false,"tags":{"Name":"ai-codegen-frontend-cdn"},"tags_all":{"Name":"ai-codegen-frontend-cdn"},"viewer_certificate":[{"acm_certificate_arn":null,"cloudfront_default_certificate":true,"iam_certificate_id":null,"minimum_protocol_version":"TLSv1","ssl_support_method":null}],"wait_for_deployment":true,"web_acl_id":null},"after_unknown":{"arn":true,"caller_reference":true,"continuous_deployment_policy_id":true,"custom_error_response":[],"default_cache_behavior":[{"allowed_methods":[false,false,false],"cached_methods":[false,false],"default_ttl":true,"forwarded_values":[{"cookies":[{"whitelisted_names":true}],"headers":true,"query_string_cache_keys":true}],"function_association":[],"grpc_config":true,"lambda_function_association":[],"max_ttl":true,"trusted_key_groups":true,"trusted_signers":true}],"domain_name":true,"etag":true,"hosted_zone_id":true,"id":true,"in_progress_validation_batches":true,"last_modified_time":true,"logging_config":[],"logging_v1_enabled":true,"ordered_cache_behavior":[],"origin":[{"custom_header":[],"custom_origin_config":[],"domain_name":true,"origin_shield":[],"response_completion_timeout":true,"s3_origin_config":[{"origin_access_identity":true}],"vpc_origin_config":[]}],"origin_group":[],"restrictions":[{"geo_restriction":[{"locations":true}]}],"status":true,"tags":{},"tags_all":{},"trusted_key_groups":true,"trusted_signers":true,"viewer_certificate":[{}]},"before_sensitive":false,"after_sensitive":{"custom_error_response":[],"default_cache_behavior":[{"allowed_methods":[false,false,false],"cached_methods":[false,false],"forwarded_values":[{"cookies":[{"whitelisted_names":[]}],"headers":[],"query_string_cache_keys":[]}],"function_association":[],"grpc_config":[],"lambda_function_association":[],"trusted_key_groups":[],"trusted_signers":[]}],"logging_config":[],"ordered_cache_behavior":[],"origin":[{"custom_header":[],"custom_origin_config":[],"origin_shield":[],"s3_origin_config":[{}],"vpc_origin_config":[]}],"origin_group":[],"restrictions":[{"geo_restriction":[{"locations":[]}]}],"tags":{},"tags_all":{},"trusted_key_groups":[],"trusted_signers":[],"viewer_certificate":[{}]}}},{"address":"aws_cloudfront_origin_access_identity.frontend_oai","mode":"managed","type":"aws_cloudfront_origin_access_identity","name":"frontend_oai","provider_name":"registry.terraform.io/hashicorp/aws","change":{"actions":["create"],"before":null,"after":{"comment":"OAI for frontend S3 bucket"},"after_unknown":{"arn":true,"caller_reference":true,"cloudfront_access_identity_path":true,"etag":true,"iam_arn":true,"id":true,"s3_canonical_user_id":true},"before_sensitive":false,"after_sensitive":{}}},{"address":"aws_dynamodb_table.main","mode":"managed","type":"aws_dynamodb_table","name":"main","provider_name":"registry.terraform.io/hashicorp/aws","change":{"actions":["create"],"before":null,"after":{"attribute":[{"name":"id","type":"S"}],"billing_mode":"PAY_PER_REQUEST","deletion_protection_enabled":null,"global_secondary_index":[],"hash_key":"id","import_table":[],"local_secondary_index":[],"name":"ai_codegen_table","on_demand_throughput":[],"range_key":null,"region":"us-east-1","replica":[],"restore_date_time":null,"restore_source_name":null,"restore_source_table_arn":null,"restore_to_latest_time":null,"stream_enabled":null,"table_class":null,"tags":{"Name":"ai-codegen-dynamodb"},"tags_all":{"Name":"ai-codegen-dynamodb"},"timeouts":null},"after_unknown":{"arn":true,"attribute":[{}],"global_secondary_index":[],"global_table_witness":true,"id":true,"import_table":[],"local_secondary_index":[],"on_demand_throughput":[],"point_in_time_recovery":true,"read_capacity":true,"replica":[],"server_side_encryption":true,"stream_arn":true,"stream_label":true,"stream_view_type":true,"tags":{},"tags_all":{},"ttl":true,"warm_throughput":true,"write_capacity":true},"before_sensitive":false,"after_sensitive":{"attribute":[{}],"global_secondary_index":[],"global_table_witness":[],"import_table":[],"local_secondary_index":[],"on_demand_throughput":[],"point_in_time_recovery":[],"replica":[],"server_side_encryption":[],"tags":{},"tags_all":{},"ttl":[],"warm_throughput":[]}}},{"address":"aws_iam_role.lambda_exec","mode":"managed","type":"aws_iam_role","name":"lambda_exec","provider_name":"registry.terraform.io/hashicorp/aws","change":{"actions":["create"],"before":null,"after":{"assume_role_policy":"{\"Statement\":[{\"Action\":\"sts:AssumeRole\",\"Effect\":\"Allow\",\"Principal\":{\"Service\":\"lambda.amazonaws.com\"}}],\"Version\":\"2012-10-17\"}","description":null,"force_detach_policies":false,"max_session_duration":3600,"name":"ai-codegen-lambda-exec","path":"/","permissions_boundary":null,"tags":null},"after_unknown":{"arn":true,"create_date":true,"id":true,"inline_policy":true,"managed_policy_arns":true,"name_prefix":true,"tags_all":true,"unique_id":true},"before_sensitive":false,"after_sensitive":{"inline_policy":[],"managed_policy_arns":[],"tags_all":{}},"after_identity":{"account_id":null,"name":null}}},{"address":"aws_iam_role_policy.lambda_policy","mode":"managed","type":"aws_iam_role_policy","name":"lambda_policy","provider_name":"registry.terraform.io/hashicorp/aws","change":{"actions":["create"],"before":null,"after":{"name":"ai-codegen-lambda-policy"},"after_unknown":{"id":true,"name_prefix":true,"policy":true,"role":true},"before_sensitive":false,"after_sensitive":{},"after_identity":{"account_id":null,"name":null,"role":null}}},{"address":"aws_lambda_function.main","mode":"managed","type":"aws_lambda_function","name":"main","provider_name":"registry.terraform.io/hashicorp/aws","change":{"actions":["create"],"before":null,"after":{"capacity_provider_config":[],"code_signing_config_arn":null,"dead_letter_config":[],"description":null,"durable_config":[],"environment":[{"variables":{"TABLE_NAME":"ai_codegen_table"}}],"file_system_config":[],"filename":"./.dummy/lambda.zip","function_name":"ai-codegen-lambda","handler":"lambda.lambda_handler","image_config":[],"image_uri":null,"kms_key_arn":null,"layers":null,"memory_size":256,"package_type":"Zip","publish":false,"publish_to":null,"region":"us-east-1","replace_security_groups_on_destroy":null,"replacement_security_group_ids":null,"reserved_concurrent_executions":-1,"runtime":"python3.11","s3_bucket":null,"s3_key":null,"s3_object_version":null,"skip_destroy":false,"snap_start":[],"source_code_hash":"wmbalFzzY/wG3ivChKElOZB3+B4gptmQyIat05p+fU4=","source_kms_key_arn":null,"tags":{"Name":"ai-codegen-lambda"},"tags_all":{"Name":"ai-codegen-lambda"},"tenancy_config":[],"timeout":30,"timeouts":null,"vpc_config":[]},"after_unknown":{"architectures":true,"arn":true,"capacity_provider_config":[],"code_sha256":true,"dead_letter_config":[],"durable_config":[],"environment":[{"variables":{}}],"ephemeral_storage":true,"file_system_config":[],"id":true,"image_config":[],"invoke_arn":true,"last_modified":true,"logging_config":true,"qualified_arn":true,"qualified_invoke_arn":true,"role":true,"signing_job_arn":true,"signing_profile_version_arn":true,"snap_start":[],"source_code_size":true,"tags":{},"tags_all":{},"tenancy_config":[],"tracing_config":true,"version":true,"vpc_config":[]},"before_sensitive":false,"after_sensitive":{"architectures":[],"capacity_provider_config":[],"dead_letter_config":[],"durable_config":[],"environment":[{"variables":{}}],"ephemeral_storage":[],"file_system_config":[],"image_config":[],"logging_config":[],"snap_start":[],"tags":{},"tags_all":{},"tenancy_config":[],"tracing_config":[],"vpc_config":[]},"after_identity":{"account_id":null,"function_name":null,"region":null}}},{"address":"aws_lambda_permission.apigw","mode":"managed","type":"aws_lambda_permission","name":"apigw","provider_name":"registry.terraform.io/hashicorp/aws","change":{"actions":["create"],"before":null,"after":{"action":"lambda:InvokeFunction","event_source_token":null,"function_name":"ai-codegen-lambda","function_url_auth_type":null,"principal":"apigateway.amazonaws.com","principal_org_id":null,"qualifier":null,"region":"us-east-1","source_account":null,"statement_id":"AllowAPIGatewayInvoke"},"after_unknown":{"id":true,"source_arn":true,"statement_id_prefix":true},"before_sensitive":false,"after_sensitive":{},"after_identity":{"account_id":null,"function_name":null,"qualifier":null,"region":null,"statement_id":null}}},{"address":"aws_s3_bucket.frontend","mode":"managed","type":"aws_s3_bucket","name":"frontend","provider_name":"registry.terraform.io/hashicorp/aws","change":{"actions":["create"],"before":null,"after":{"bucket":"ai-codegen-frontend","force_destroy":true,"region":"us-east-1","tags":{"Name":"ai-codegen-frontend"},"tags_all":{"Name":"ai-codegen-frontend"},"timeouts":null},"after_unknown":{"acceleration_status":true,"acl":true,"arn":true,"bucket_domain_name":true,"bucket_prefix":true,"bucket_region":true,"bucket_regional_domain_name":true,"cors_rule":true,"grant":true,"hosted_zone_id":true,"id":true,"lifecycle_rule":true,"logging":true,"object_lock_configuration":true,"object_lock_enabled":true,"policy":true,"replication_configuration":true,"request_payer":true,"server_side_encryption_configuration":true,"tags":{},"tags_all":{},"versioning":true,"website":true,"website_domain":true,"website_endpoint":true},"before_sensitive":false,"after_sensitive":{"cors_rule":[],"grant":[],"lifecycle_rule":[],"logging":[],"object_lock_configuration":[],"replication_configuration":[],"server_side_encryption_configuration":[],"tags":{},"tags_all":{},"versioning":[],"website":[]},"after_identity":{"account_id":null,"bucket":null,"region":null}}},{"address":"aws_s3_bucket_policy.frontend","mode":"managed","type":"aws_s3_bucket_policy","name":"frontend","provider_name":"registry.terraform.io/hashicorp/aws","change":{"actions":["create"],"before":null,"after":{"region":"us-east-1"},"after_unknown":{"bucket":true,"id":true,"policy":true},"before_sensitive":false,"after_sensitive":{},"after_identity":{"account_id":null,"bucket":null,"region":null}}},{"address":"aws_s3_bucket_public_access_block.frontend","mode":"managed","type":"aws_s3_bucket_public_access_block","name":"frontend","provider_name":"registry.terraform.io/hashicorp/aws","change":{"actions":["create"],"before":null,"after":{"block_public_acls":true,"block_public_policy":true,"ignore_public_acls":true,"region":"us-east-1","restrict_public_buckets":true,"skip_destroy":null},"after_unknown":{"bucket":true,"id":true},"before_sensitive":false,"after_sensitive":{},"after_identity":{"account_id":null,"bucket":null,"region":null}}}],"output_changes":{"api_gateway_invoke_url":{"actions":["create"],"before":null,"after_unknown":true,"before_sensitive":false,"after_sensitive":false},"cloudfront_domain_name":{"actions":["create"],"before":null,"after_unknown":true,"before_sensitive":false,"after_sensitive":false},"dynamodb_table_name":{"actions":["create"],"before":null,"after":"ai_codegen_table","after_unknown":false,"before_sensitive":false,"after_sensitive":false}},"prior_state":{"format_version":"1.0","terraform_version":"1.13.5","values":{"outputs":{"dynamodb_table_name":{"sensitive":false,"value":"ai_codegen_table","type":"string"}},"root_module":{"resources":[{"address":"data.archive_file.lambda_dummy","mode":"data","type":"archive_file","name":"lambda_dummy","provider_name":"registry.terraform.io/hashicorp/archive","schema_version":0,"values":{"exclude_symlink_directories":null,"excludes":null,"id":"58e93fade67637870be5af38eff8d5aa66c7da49","output_base64sha256":"wmbalFzzY/wG3ivChKElOZB3+B4gptmQyIat05p+fU4=","output_base64sha512":"BQYAg1LwEY4tDmry1VoRx6StX0vjH+7LpfB5KAZLVvfJQjioPbBv1QxI6QF6P2U614fU3h9XKBCb9z5Y1ornqA==","output_file_mode":null,"output_md5":"a0dbd832a6a977d6d5b28ea5c85e30fb","output_path":"./.dummy/lambda.zip","output_sha":"58e93fade67637870be5af38eff8d5aa66c7da49","output_sha256":"c266da945cf363fc06de2bc284a125399077f81e20a6d990c886add39a7e7d4e","output_sha512":"0506008352f0118e2d0e6af2d55a11c7a4ad5f4be31feecba5f07928064b56f7c94238a83db06fd50c48e9017a3f653ad787d4de1f5728109bf73e58d68ae7a8","output_size":246,"source":[{"content":"exports.handler = async (event) =\u003e {\n  console.log(\"Dummy lambda invoked\");\n  return { statusCode: 200, body: \"dummy\" };\n};\n","filename":"index.js"}],"source_content":null,"source_content_filename":null,"source_dir":null,"source_file":null,"type":"zip"},"sensitive_values":{"source":[{}]}},{"address":"data.aws_iam_policy_document.lambda_assume_role","mode":"data","type":"aws_iam_policy_document","name":"lambda_assume_role","provider_name":"registry.terraform.io/hashicorp/aws","schema_version":0,"values":{"id":"2690255455","json":"{\n  \"Version\": \"2012-10-17\",\n  \"Statement\": [\n    {\n      \"Effect\": \"Allow\",\n      \"Action\": \"sts:AssumeRole\",\n      \"Principal\": {\n        \"Service\": \"lambda.amazonaws.com\"\n      }\n    }\n  ]\n}","minified_json":"{\"Version\":\"2012-10-17\",\"Statement\":[{\"Effect\":\"Allow\",\"Action\":\"sts:AssumeRole\",\"Principal\":{\"Service\":\"lambda.amazonaws.com\"}}]}","override_json":null,"override_policy_documents":null,"policy_id":null,"source_json":null,"source_policy_documents":null,"statement":[{"actions":["sts:AssumeRole"],"condition":[],"effect":"Allow","not_actions":[],"not_principals":[],"not_resources":[],"principals":[{"identifiers":["lambda.amazonaws.com"],"type":"Service"}],"resources":[],"sid":""}],"version":"2012-10-17"},"sensitive_values":{"statement":[{"actions":[false],"condition":[],"not_actions":[],"not_principals":[],"not_resources":[],"principals":[{"identifiers":[false]}],"resources":[]}]}}]}}},"configuration":{"provider_config":{"archive":{"name":"archive","full_name":"registry.terraform.io/hashicorp/archive"},"aws":{"name":"aws","full_name":"registry.terraform.io/hashicorp/aws","version_constraint":"\u003e= 4.0.0","expressions":{"region":{"references":["var.aws_region"]}}}},"root_module":{"outputs":{"api_gateway_invoke_url":{"expression":{"references":["aws_api_gateway_rest_api.main.id","aws_api_gateway_rest_api.main","var.aws_region"]},"description":"Invoke URL for the API Gateway."},"cloudfront_domain_name":{"expression":{"references":["aws_cloudfront_distribution.frontend.domain_name","aws_cloudfront_distribution.frontend"]},"description":"CloudFront distribution domain name for the frontend."},"dynamodb_table_name":{"expression":{"references":["aws_dynamodb_table.main.name","aws_dynamodb_table.main"]},"description":"DynamoDB table name."}},"resources":[{"address":"aws_api_gateway_deployment.main","mode":"managed","type":"aws_api_gateway_deployment","name":"main","provider_config_key":"aws","expressions":{"rest_api_id":{"references":["aws_api_gateway_rest_api.main.id","aws_api_gateway_rest_api.main"]}},"schema_version":0,"depends_on":["aws_api_gateway_integration.lambda"]},{"address":"aws_api_gateway_integration.lambda","mode":"managed","type":"aws_api_gateway_integration","name":"lambda","provider_config_key":"aws","expressions":{"http_method":{"references":["aws_api_gateway_method.proxy.http_method","aws_api_gateway_method.proxy"]},"integration_http_method":{"constant_value":"POST"},"resource_id":{"references":["aws_api_gateway_resource.proxy.id","aws_api_gateway_resource.proxy"]},"rest_api_id":{"references":["aws_api_gateway_rest_api.main.id","aws_api_gateway_rest_api.main"]},"type":{"constant_value":"AWS_PROXY"},"uri":{"references":["aws_lambda_function.main.invoke_arn","aws_lambda_function.main"]}},"schema_version":0},{"address":"aws_api_gateway_method.proxy","mode":"managed","type":"aws_api_gateway_method","name":"proxy","provider_config_key":"aws","expressions":{"authorization":{"constant_value":"NONE"},"http_method":{"constant_value":"ANY"},"request_parameters":{"constant_value":{"method.request.path.proxy":true}},"resource_id":{"references":["aws_api_gateway_resource.proxy.id","aws_api_gateway_resource.proxy"]},"rest_api_id":{"references":["aws_api_gateway_rest_api.main.id","aws_api_gateway_rest_api.main"]}},"schema_version":0},{"address":"aws_api_gateway_resource.proxy","mode":"managed","type":"aws_api_gateway_resource","name":"proxy","provider_config_key":"aws","expressions":{"parent_id":{"references":["aws_api_gateway_rest_api.main.root_resource_id","aws_api_gateway_rest_api.main"]},"path_part":{"constant_value":"{proxy+}"},"rest_api_id":{"references":["aws_api_gateway_rest_api.main.id","aws_api_gateway_rest_api.main"]}},"schema_version":0},{"address":"aws_api_gateway_rest_api.main","mode":"managed","type":"aws_api_gateway_rest_api","name":"main","provider_config_key":"aws","expressions":{"description":{"constant_value":"API Gateway for Lambda backend"},"name":{"references":["var.project_name"]}},"schema_version":0},{"address":"aws_cloudfront_distribution.frontend","mode":"managed","type":"aws_cloudfront_distribution","name":"frontend","provider_config_key":"aws","expressions":{"default_cache_behavior":[{"allowed_methods":{"constant_value":["GET","HEAD","OPTIONS"]},"cached_methods":{"constant_value":["GET","HEAD"]},"forwarded_values":[{"cookies":[{"forward":{"constant_value":"none"}}],"query_string":{"constant_value":false}}],"target_origin_id":{"constant_value":"s3-frontend"},"viewer_protocol_policy":{"constant_value":"redirect-to-https"}}],"default_root_object":{"constant_value":"index.html"},"enabled":{"constant_value":true},"is_ipv6_enabled":{"constant_value":true},"origin":[{"domain_name":{"references":["aws_s3_bucket.frontend.bucket_regional_domain_name","aws_s3_bucket.frontend"]},"origin_id":{"constant_value":"s3-frontend"},"s3_origin_config":[{"origin_access_identity":{"references":["aws_cloudfront_origin_access_identity.frontend_oai.cloudfront_access_identity_path","aws_cloudfront_origin_access_identity.frontend_oai"]}}]}],"price_class":{"constant_value":"PriceClass_100"},"restrictions":[{"geo_restriction":[{"restriction_type":{"constant_value":"none"}}]}],"tags":{"references":["var.project_name"]},"viewer_certificate":[{"cloudfront_default_certificate":{"constant_value":true}}]},"schema_version":1},{"address":"aws_cloudfront_origin_access_identity.frontend_oai","mode":"managed","type":"aws_cloudfront_origin_access_identity","name":"frontend_oai","provider_config_key":"aws","expressions":{"comment":{"constant_value":"OAI for frontend S3 bucket"}},"schema_version":0},{"address":"aws_dynamodb_table.main","mode":"managed","type":"aws_dynamodb_table","name":"main","provider_config_key":"aws","expressions":{"attribute":[{"name":{"references":["var.dynamodb_hash_key"]},"type":{"constant_value":"S"}}],"billing_mode":{"constant_value":"PAY_PER_REQUEST"},"hash_key":{"references":["var.dynamodb_hash_key"]},"name":{"references":["var.dynamodb_table_name"]},"tags":{"references":["var.project_name"]}},"schema_version":1},{"address":"aws_iam_role.lambda_exec","mode":"managed","type":"aws_iam_role","name":"lambda_exec","provider_config_key":"aws","expressions":{"assume_role_policy":{"references":["data.aws_iam_policy_document.lambda_assume_role.json","data.aws_iam_policy_document.lambda_assume_role"]},"name":{"references":["var.project_name"]}},"schema_version":0},{"address":"aws_iam_role_policy.lambda_policy","mode":"managed","type":"aws_iam_role_policy","name":"lambda_policy","provider_config_key":"aws","expressions":{"name":{"references":["var.project_name"]},"policy":{"references":["data.aws_iam_policy_document.lambda_policy.json","data.aws_iam_policy_document.lambda_policy"]},"role":{"references":["aws_iam_role.lambda_exec.id","aws_iam_role.lambda_exec"]}},"schema_version":0},{"address":"aws_lambda_function.main","mode":"managed","type":"aws_lambda_function","name":"main","provider_config_key":"aws","expressions":{"environment":[{"variables":{"references":["aws_dynamodb_table.main.name","aws_dynamodb_table.main"]}}],"filename":{"references":["local.lambda_dummy_zip"]},"function_name":{"references":["var.project_name"]},"handler":{"references":["var.lambda_handler"]},"memory_size":{"references":["var.lambda_memory_size"]},"role":{"references":["aws_iam_role.lambda_exec.arn","aws_iam_role.lambda_exec"]},"runtime":{"references":["var.lambda_runtime"]},"source_code_hash":{"references":["data.archive_file.lambda_dummy.output_base64sha256","data.archive_file.lambda_dummy"]},"tags":{"references":["var.project_name"]},"timeout":{"references":["var.lambda_timeout"]}},"schema_version":0},{"address":"aws_lambda_permission.apigw","mode":"managed","type":"aws_lambda_permission","name":"apigw","provider_config_key":"aws","expressions":{"action":{"constant_value":"lambda:InvokeFunction"},"function_name":{"references":["aws_lambda_function.main.function_name","aws_lambda_function.main"]},"principal":{"constant_value":"apigateway.amazonaws.com"},"source_arn":{"references":["aws_api_gateway_rest_api.main.execution_arn","aws_api_gateway_rest_api.main"]},"statement_id":{"constant_value":"AllowAPIGatewayInvoke"}},"schema_version":0},{"address":"aws_s3_bucket.frontend","mode":"managed","type":"aws_s3_bucket","name":"frontend","provider_config_key":"aws","expressions":{"bucket":{"references":["var.frontend_bucket_name"]},"force_destroy":{"constant_value":true},"tags":{"references":["var.project_name"]}},"schema_version":0},{"address":"aws_s3_bucket_policy.frontend","mode":"managed","type":"aws_s3_bucket_policy","name":"frontend","provider_config_key":"aws","expressions":{"bucket":{"references":["aws_s3_bucket.frontend.id","aws_s3_bucket.frontend"]},"policy":{"references":["data.aws_iam_policy_document.frontend_s3_policy.json","data.aws_iam_policy_document.frontend_s3_policy"]}},"schema_version":0},{"address":"aws_s3_bucket_public_access_block.frontend","mode":"managed","type":"aws_s3_bucket_public_access_block","name":"frontend","provider_config_key":"aws","expressions":{"block_public_acls":{"constant_value":true},"block_public_policy":{"constant_value":true},"bucket":{"references":["aws_s3_bucket.frontend.id","aws_s3_bucket.frontend"]},"ignore_public_acls":{"constant_value":true},"restrict_public_buckets":{"constant_value":true}},"schema_version":0},{"address":"data.archive_file.lambda_dummy","mode":"data","type":"archive_file","name":"lambda_dummy","provider_config_key":"archive","expressions":{"output_path":{"references":["local.lambda_dummy_zip"]},"source":[{"content":{"constant_value":"exports.handler = async (event) =\u003e {\n  console.log(\"Dummy lambda invoked\");\n  return { statusCode: 200, body: \"dummy\" };\n};\n"},"filename":{"constant_value":"index.js"}}],"type":{"constant_value":"zip"}},"schema_version":0},{"address":"data.aws_iam_policy_document.frontend_s3_policy","mode":"data","type":"aws_iam_policy_document","name":"frontend_s3_policy","provider_config_key":"aws","expressions":{"statement":[{"actions":{"constant_value":["s3:GetObject"]},"principals":[{"identifiers":{"references":["aws_cloudfront_origin_access_identity.frontend_oai.iam_arn","aws_cloudfront_origin_access_identity.frontend_oai"]},"type":{"constant_value":"AWS"}}],"resources":{"references":["aws_s3_bucket.frontend.arn","aws_s3_bucket.frontend"]}}]},"schema_version":0},{"address":"data.aws_iam_policy_document.lambda_assume_role","mode":"data","type":"aws_iam_policy_document","name":"lambda_assume_role","provider_config_key":"aws","expressions":{"statement":[{"actions":{"constant_value":["sts:AssumeRole"]},"principals":[{"identifiers":{"constant_value":["lambda.amazonaws.com"]},"type":{"constant_value":"Service"}}]}]},"schema_version":0},{"address":"data.aws_iam_policy_document.lambda_policy","mode":"data","type":"aws_iam_policy_document","name":"lambda_policy","provider_config_key":"aws","expressions":{"statement":[{"actions":{"constant_value":["dynamodb:GetItem","dynamodb:PutItem","dynamodb:UpdateItem","dynamodb:DeleteItem","dynamodb:Scan","dynamodb:Query"]},"resources":{"references":["aws_dynamodb_table.main.arn","aws_dynamodb_table.main","aws_dynamodb_table.main.arn","aws_dynamodb_table.main"]}},{"actions":{"constant_value":["logs:CreateLogGroup","logs:CreateLogStream","logs:PutLogEvents"]},"resources":{"constant_value":["arn:aws:logs:*:*:*"]}}]},"schema_version":0}],"variables":{"aws_region":{"default":"us-east-1","description":"AWS region to deploy resources in."},"dynamodb_hash_key":{"default":"id","description":"DynamoDB table hash key."},"dynamodb_table_name":{"default":"ai_codegen_table","description":"DynamoDB table name."},"frontend_bucket_name":{"default":"ai-codegen-frontend","description":"S3 bucket name for static frontend."},"lambda_handler":{"default":"lambda.lambda_handler","description":"Lambda handler function."},"lambda_memory_size":{"default":256,"description":"Lambda memory size in MB."},"lambda_runtime":{"default":"python3.11","description":"Lambda runtime environment."},"lambda_timeout":{"default":30,"description":"Lambda timeout in seconds."},"project_name":{"default":"ai-codegen","description":"Project name prefix for resources."}}}},"relevant_attributes":[{"resource":"aws_iam_role.lambda_exec","attribute":["arn"]},{"resource":"data.aws_iam_policy_document.frontend_s3_policy","attribute":["json"]},{"resource":"data.aws_iam_policy_document.lambda_policy","attribute":["json"]},{"resource":"aws_s3_bucket.frontend","attribute":["arn"]},{"resource":"aws_api_gateway_rest_api.main","attribute":["execution_arn"]},{"resource":"data.aws_iam_policy_document.lambda_assume_role","attribute":["json"]},{"resource":"aws_api_gateway_method.proxy","attribute":["http_method"]},{"resource":"aws_lambda_function.main","attribute":["invoke_arn"]},{"resource":"aws_api_gateway_rest_api.main","attribute":["id"]},{"resource":"data.archive_file.lambda_dummy","attribute":["output_base64sha256"]},{"resource":"aws_iam_role.lambda_exec","attribute":["id"]},{"resource":"aws_api_gateway_resource.proxy","attribute":["id"]},{"resource":"aws_api_gateway_rest_api.main","attribute":["root_resource_id"]},{"resource":"aws_cloudfront_distribution.frontend","attribute":["domain_name"]},{"resource":"aws_cloudfront_origin_access_identity.frontend_oai","attribute":["cloudfront_access_identity_path"]},{"resource":"aws_dynamodb_table.main","attribute":["arn"]},{"resource":"aws_dynamodb_table.main","attribute":["name"]},{"resource":"aws_s3_bucket.frontend","attribute":["id"]},{"resource":"aws_lambda_function.main","attribute":["function_name"]},{"resource":"aws_cloudfront_origin_access_identity.frontend_oai","attribute":["iam_arn"]},{"resource":"aws_s3_bucket.frontend","attribute":["bucket_regional_domain_name"]}],"timestamp":"2025-12-22T14:09:10Z","applyable":true,"complete":true,"errored":false}
