
Terraform used the selected providers to generate the following execution
plan. Resource actions are indicated with the following symbols:
  + create

Terraform will perform the following actions:

  # aws_iam_role.pixelpredict-stream-reader-role will be created
  + resource "aws_iam_role" "pixelpredict-stream-reader-role" {
      + arn                   = (known after apply)
      + assume_role_policy    = jsonencode(
            {
              + Statement = [
                  + {
                      + Action    = "sts:AssumeRole"
                      + Effect    = "Allow"
                      + Principal = {
                          + Service = "ec2.amazonaws.com"
                        }
                    },
                ]
              + Version   = "2012-10-17"
            }
        )
      + create_date           = (known after apply)
      + force_detach_policies = false
      + id                    = (known after apply)
      + managed_policy_arns   = (known after apply)
      + max_session_duration  = 3600
      + name                  = "pixelpredict-stream-reader-role"
      + name_prefix           = (known after apply)
      + path                  = "/"
      + tags                  = (known after apply)
      + tags_all              = (known after apply)
      + unique_id             = (known after apply)

      + inline_policy (known after apply)
    }

  # aws_iam_role_policy_attachment.example_policy_attachment will be created
  + resource "aws_iam_role_policy_attachment" "example_policy_attachment" {
      + id         = (known after apply)
      + policy_arn = "arn:aws:iam::aws:policy/AmazonS3ReadOnlyAccess"
      + role       = "pixelpredict-stream-reader-role"
    }

Plan: 2 to add, 0 to change, 0 to destroy.

Changes to Outputs:
  + role_arn = (known after apply)
aws_iam_role.pixelpredict-stream-reader-role: Creating...
aws_iam_role.pixelpredict-stream-reader-role: Creation complete after 1s [id=pixelpredict-stream-reader-role]
aws_iam_role_policy_attachment.example_policy_attachment: Creating...
aws_iam_role_policy_attachment.example_policy_attachment: Creation complete after 0s [id=pixelpredict-stream-reader-role/arn:aws:iam::aws:policy/AmazonS3ReadOnlyAccess]
