{"format_version":"1.2","terraform_version":"1.13.5","planned_values":{"outputs":{"role_arn":{"sensitive":false}},"root_module":{"resources":[{"address":"aws_iam_role.pixelpredict-stream-reader-role","mode":"managed","type":"aws_iam_role","name":"pixelpredict-stream-reader-role","provider_name":"registry.terraform.io/hashicorp/aws","schema_version":0,"values":{"assume_role_policy":"{\"Statement\":[{\"Action\":\"sts:AssumeRole\",\"Effect\":\"Allow\",\"Principal\":{\"Service\":\"ec2.amazonaws.com\"}}],\"Version\":\"2012-10-17\"}","description":null,"force_detach_policies":false,"max_session_duration":3600,"name":"pixelpredict-stream-reader-role","path":"/","permissions_boundary":null},"sensitive_values":{"inline_policy":[],"managed_policy_arns":[],"tags":{},"tags_all":{}},"identity_schema_version":0,"identity":{"account_id":null,"name":null}},{"address":"aws_iam_role_policy_attachment.example_policy_attachment","mode":"managed","type":"aws_iam_role_policy_attachment","name":"example_policy_attachment","provider_name":"registry.terraform.io/hashicorp/aws","schema_version":0,"values":{"policy_arn":"arn:aws:iam::aws:policy/AmazonS3ReadOnlyAccess","role":"pixelpredict-stream-reader-role"},"sensitive_values":{},"identity_schema_version":0,"identity":{"account_id":null,"policy_arn":null,"role":null}}]}},"resource_changes":[{"address":"aws_iam_role.pixelpredict-stream-reader-role","mode":"managed","type":"aws_iam_role","name":"pixelpredict-stream-reader-role","provider_name":"registry.terraform.io/hashicorp/aws","change":{"actions":["create"],"before":null,"after":{"assume_role_policy":"{\"Statement\":[{\"Action\":\"sts:AssumeRole\",\"Effect\":\"Allow\",\"Principal\":{\"Service\":\"ec2.amazonaws.com\"}}],\"Version\":\"2012-10-17\"}","description":null,"force_detach_policies":false,"max_session_duration":3600,"name":"pixelpredict-stream-reader-role","path":"/","permissions_boundary":null},"after_unknown":{"arn":true,"create_date":true,"id":true,"inline_policy":true,"managed_policy_arns":true,"name_prefix":true,"tags":true,"tags_all":true,"unique_id":true},"before_sensitive":false,"after_sensitive":{"inline_policy":[],"managed_policy_arns":[],"tags":{},"tags_all":{}},"after_identity":{"account_id":null,"name":null}}},{"address":"aws_iam_role_policy_attachment.example_policy_attachment","mode":"managed","type":"aws_iam_role_policy_attachment","name":"example_policy_attachment","provider_name":"registry.terraform.io/hashicorp/aws","change":{"actions":["create"],"before":null,"after":{"policy_arn":"arn:aws:iam::aws:policy/AmazonS3ReadOnlyAccess","role":"pixelpredict-stream-reader-role"},"after_unknown":{"id":true},"before_sensitive":false,"after_sensitive":{},"after_identity":{"account_id":null,"policy_arn":null,"role":null}}}],"output_changes":{"role_arn":{"actions":["create"],"before":null,"after_unknown":true,"before_sensitive":false,"after_sensitive":false}},"configuration":{"provider_config":{"aws":{"name":"aws","full_name":"registry.terraform.io/hashicorp/aws","version_constraint":"\u003e= 5.39.0","expressions":{"region":{"constant_value":"us-west-1"}}}},"root_module":{"outputs":{"role_arn":{"expression":{"references":["aws_iam_role.pixelpredict-stream-reader-role.arn","aws_iam_role.pixelpredict-stream-reader-role"]}}},"resources":[{"address":"aws_iam_role.pixelpredict-stream-reader-role","mode":"managed","type":"aws_iam_role","name":"pixelpredict-stream-reader-role","provider_config_key":"aws","expressions":{"assume_role_policy":{},"name":{"constant_value":"pixelpredict-stream-reader-role"},"tags":{}},"schema_version":0},{"address":"aws_iam_role_policy_attachment.example_policy_attachment","mode":"managed","type":"aws_iam_role_policy_attachment","name":"example_policy_attachment","provider_config_key":"aws","expressions":{"policy_arn":{"constant_value":"arn:aws:iam::aws:policy/AmazonS3ReadOnlyAccess"},"role":{"references":["aws_iam_role.pixelpredict-stream-reader-role.name","aws_iam_role.pixelpredict-stream-reader-role"]}},"schema_version":0}]}},"relevant_attributes":[{"resource":"aws_iam_role.pixelpredict-stream-reader-role","attribute":["arn"]},{"resource":"aws_iam_role.pixelpredict-stream-reader-role","attribute":["name"]}],"timestamp":"2026-01-24T09:36:09Z","applyable":true,"complete":true,"errored":false}
