data.aws_ami.al2023: Reading...
data.aws_vpc.default: Reading...
data.aws_vpc.default: Read complete after 0s [id=vpc-bb13cf0c867d4e5b5]
data.aws_subnets.default: Reading...
data.aws_subnets.default: Read complete after 0s [id=us-east-1]
data.aws_ami.al2023: Read complete after 4s [id=ami-07c1fa5792ef8fe27]

Terraform used the selected providers to generate the following execution
plan. Resource actions are indicated with the following symbols:
  + create

Terraform will perform the following actions:

  # aws_instance.this will be created
  + resource "aws_instance" "this" {
      + ami                                  = "ami-07c1fa5792ef8fe27"
      + arn                                  = (known after apply)
      + associate_public_ip_address          = true
      + availability_zone                    = (known after apply)
      + cpu_core_count                       = (known after apply)
      + cpu_threads_per_core                 = (known after apply)
      + disable_api_stop                     = (known after apply)
      + disable_api_termination              = (known after apply)
      + ebs_optimized                        = (known after apply)
      + enable_primary_ipv6                  = (known after apply)
      + get_password_data                    = false
      + host_id                              = (known after apply)
      + host_resource_group_arn              = (known after apply)
      + iam_instance_profile                 = (known after apply)
      + id                                   = (known after apply)
      + instance_initiated_shutdown_behavior = (known after apply)
      + instance_lifecycle                   = (known after apply)
      + instance_state                       = (known after apply)
      + instance_type                        = "t3.small"
      + ipv6_address_count                   = (known after apply)
      + ipv6_addresses                       = (known after apply)
      + key_name                             = "test-kafka-key"
      + monitoring                           = (known after apply)
      + outpost_arn                          = (known after apply)
      + password_data                        = (known after apply)
      + placement_group                      = (known after apply)
      + placement_partition_number           = (known after apply)
      + primary_network_interface_id         = (known after apply)
      + private_dns                          = (known after apply)
      + private_ip                           = (known after apply)
      + public_dns                           = (known after apply)
      + public_ip                            = (known after apply)
      + secondary_private_ips                = (known after apply)
      + security_groups                      = (known after apply)
      + source_dest_check                    = true
      + spot_instance_request_id             = (known after apply)
      + subnet_id                            = "subnet-6dc3f635dd919c716"
      + tags                                 = {
          + "Name" = "test-kafka"
        }
      + tags_all                             = {
          + "Managed" = "terraform"
          + "Name"    = "test-kafka"
          + "Project" = "test-kafka"
        }
      + tenancy                              = (known after apply)
      + user_data                            = "ad60a09f007645f443ed2f76282b22cca668726d"
      + user_data_base64                     = (known after apply)
      + user_data_replace_on_change          = false
      + vpc_security_group_ids               = (known after apply)

      + capacity_reservation_specification (known after apply)

      + cpu_options (known after apply)

      + ebs_block_device (known after apply)

      + enclave_options (known after apply)

      + ephemeral_block_device (known after apply)

      + instance_market_options (known after apply)

      + maintenance_options (known after apply)

      + metadata_options (known after apply)

      + network_interface (known after apply)

      + private_dns_name_options (known after apply)

      + root_block_device (known after apply)
    }

  # aws_key_pair.this[0] will be created
  + resource "aws_key_pair" "this" {
      + arn             = (known after apply)
      + fingerprint     = (known after apply)
      + id              = (known after apply)
      + key_name        = "test-kafka-key"
      + key_name_prefix = (known after apply)
      + key_pair_id     = (known after apply)
      + key_type        = (known after apply)
      + public_key      = "ssh-rsa AAAAB3NzaC1yc2EAAAADAQABAAABgQC0ZbcOWrXOAAmQwlGAFs+f+NBjjk0hapZX8ZBJ5s4v77CWspj8ZL/lfdpHdI3Yy4qyvbcI9TqB+LXNXyZfsxru/iHG961eALhxgN01fVlL0J7nWex2X34AYw95kbQcz69VdIHQ9akGyRs4MFCxqAszT39g4JOKSBty0yXF4R5RKUDnm7AdDDts7/A0V5oD5EGFIQy3s0uOnXVUosPudEoJenRPYZFl8wrgILUIvfflYWB9QLQdKh34t+BFk3FQmylEREHwF07+JcMUqxisV86XnnwERf3Q87/VzO0mS4+u5+EDg3fINmAA5uvbNQxL+k+J6OgS72mUsCxH2MkQWHZcf75nhewrB1xYHMSowZbbtgBzINCasTp16DAi6YbKFxzQQXjgu78c58+YIxp1yyG7hO6i+M9fyCRHm3sA8OPueugCZRbkvCLcQuAxTnl74KnYbWgX+Uq8n6x4M2DRUepZA+XYAo+3Jm7BaPdSuaVai8GTUtVInnRFjfNC4obhYRs= mac@Hieu.lan"
      + tags_all        = {
          + "Managed" = "terraform"
          + "Project" = "test-kafka"
        }
    }

  # aws_security_group.this will be created
  + resource "aws_security_group" "this" {
      + arn                    = (known after apply)
      + description            = "Security group for test-kafka (Kafka + UI + NPM)"
      + egress                 = [
          + {
              + cidr_blocks      = [
                  + "0.0.0.0/0",
                ]
              + from_port        = 0
              + ipv6_cidr_blocks = []
              + prefix_list_ids  = []
              + protocol         = "-1"
              + security_groups  = []
              + self             = false
              + to_port          = 0
                # (1 unchanged attribute hidden)
            },
        ]
      + id                     = (known after apply)
      + ingress                = [
          + {
              + cidr_blocks      = [
                  + "0.0.0.0/0",
                ]
              + description      = "Kafka UI"
              + from_port        = 8080
              + ipv6_cidr_blocks = []
              + prefix_list_ids  = []
              + protocol         = "tcp"
              + security_groups  = []
              + self             = false
              + to_port          = 8080
            },
          + {
              + cidr_blocks      = [
                  + "0.0.0.0/0",
                ]
              + description      = "Kafka external listener (as in docker-compose 9093)"
              + from_port        = 9093
              + ipv6_cidr_blocks = []
              + prefix_list_ids  = []
              + protocol         = "tcp"
              + security_groups  = []
              + self             = false
              + to_port          = 9093
            },
          + {
              + cidr_blocks      = [
                  + "0.0.0.0/0",
                ]
              + description      = "Nginx Proxy Manager Admin"
              + from_port        = 81
              + ipv6_cidr_blocks = []
              + prefix_list_ids  = []
              + protocol         = "tcp"
              + security_groups  = []
              + self             = false
              + to_port          = 81
            },
          + {
              + cidr_blocks      = [
                  + "0.0.0.0/0",
                ]
              + description      = "Nginx Proxy Manager HTTP"
              + from_port        = 80
              + ipv6_cidr_blocks = []
              + prefix_list_ids  = []
              + protocol         = "tcp"
              + security_groups  = []
              + self             = false
              + to_port          = 80
            },
          + {
              + cidr_blocks      = [
                  + "0.0.0.0/0",
                ]
              + description      = "Nginx Proxy Manager HTTPS"
              + from_port        = 443
              + ipv6_cidr_blocks = []
              + prefix_list_ids  = []
              + protocol         = "tcp"
              + security_groups  = []
              + self             = false
              + to_port          = 443
            },
          + {
              + cidr_blocks      = [
                  + "0.0.0.0/0",
                ]
              + description      = "SSH"
              + from_port        = 22
              + ipv6_cidr_blocks = []
              + prefix_list_ids  = []
              + protocol         = "tcp"
              + security_groups  = []
              + self             = false
              + to_port          = 22
            },
        ]
      + name                   = "test-kafka-sg"
      + name_prefix            = (known after apply)
      + owner_id               = (known after apply)
      + revoke_rules_on_delete = false
      + tags_all               = {
          + "Managed" = "terraform"
          + "Project" = "test-kafka"
        }
      + vpc_id                 = "vpc-bb13cf0c867d4e5b5"
    }

Plan: 3 to add, 0 to change, 0 to destroy.

Changes to Outputs:
  + instance_id             = (known after apply)
  + kafka_ui_url            = (known after apply)
  + nginx_proxy_manager_url = (known after apply)
  + public_ip               = (known after apply)
aws_key_pair.this[0]: Creating...
aws_security_group.this: Creating...
aws_key_pair.this[0]: Creation complete after 0s [id=test-kafka-key]
aws_security_group.this: Creation complete after 0s [id=sg-d97403fc07ad85a4e]
aws_instance.this: Creating...
aws_instance.this: Still creating... [00m10s elapsed]
aws_instance.this: Creation complete after 16s [id=i-61452dd64d63d5cf8]

Apply complete! Resources: 3 added, 0 changed, 0 destroyed.

Outputs:

instance_id = "i-61452dd64d63d5cf8"
kafka_ui_url = "http://54.214.211.220:8080"
nginx_proxy_manager_url = "http://54.214.211.220:81"
public_ip = "54.214.211.220"
