{"format_version":"1.2","terraform_version":"1.13.5","variables":{"app_name":{"value":"test-kafka"},"aws_region":{"value":"us-east-1"},"instance_type":{"value":"t3.small"},"ssh_public_key":{"value":null},"ssh_public_key_path":{"value":"../ssh/test-kafka-do.pub"}},"planned_values":{"outputs":{"instance_id":{"sensitive":false},"kafka_ui_url":{"sensitive":false},"nginx_proxy_manager_url":{"sensitive":false},"public_ip":{"sensitive":false}},"root_module":{"resources":[{"address":"aws_instance.this","mode":"managed","type":"aws_instance","name":"this","provider_name":"registry.terraform.io/hashicorp/aws","schema_version":1,"values":{"ami":"ami-07c1fa5792ef8fe27","associate_public_ip_address":true,"credit_specification":[],"get_password_data":false,"hibernation":null,"instance_type":"t3.small","key_name":"test-kafka-key","launch_template":[],"source_dest_check":true,"subnet_id":"subnet-6dc3f635dd919c716","tags":{"Name":"test-kafka"},"tags_all":{"Managed":"terraform","Name":"test-kafka","Project":"test-kafka"},"timeouts":null,"user_data":"ad60a09f007645f443ed2f76282b22cca668726d","user_data_replace_on_change":false,"volume_tags":null},"sensitive_values":{"capacity_reservation_specification":[],"cpu_options":[],"credit_specification":[],"ebs_block_device":[],"enclave_options":[],"ephemeral_block_device":[],"instance_market_options":[],"ipv6_addresses":[],"launch_template":[],"maintenance_options":[],"metadata_options":[],"network_interface":[],"private_dns_name_options":[],"root_block_device":[],"secondary_private_ips":[],"security_groups":[],"tags":{},"tags_all":{},"vpc_security_group_ids":[]}},{"address":"aws_key_pair.this[0]","mode":"managed","type":"aws_key_pair","name":"this","index":0,"provider_name":"registry.terraform.io/hashicorp/aws","schema_version":1,"values":{"key_name":"test-kafka-key","public_key":"ssh-rsa AAAAB3NzaC1yc2EAAAADAQABAAABgQC0ZbcOWrXOAAmQwlGAFs+f+NBjjk0hapZX8ZBJ5s4v77CWspj8ZL/lfdpHdI3Yy4qyvbcI9TqB+LXNXyZfsxru/iHG961eALhxgN01fVlL0J7nWex2X34AYw95kbQcz69VdIHQ9akGyRs4MFCxqAszT39g4JOKSBty0yXF4R5RKUDnm7AdDDts7/A0V5oD5EGFIQy3s0uOnXVUosPudEoJenRPYZFl8wrgILUIvfflYWB9QLQdKh34t+BFk3FQmylEREHwF07+JcMUqxisV86XnnwERf3Q87/VzO0mS4+u5+EDg3fINmAA5uvbNQxL+k+J6OgS72mUsCxH2MkQWHZcf75nhewrB1xYHMSowZbbtgBzINCasTp16DAi6YbKFxzQQXjgu78c58+YIxp1yyG7hO6i+M9fyCRHm3sA8OPueugCZRbkvCLcQuAxTnl74KnYbWgX+Uq8n6x4M2DRUepZA+XYAo+3Jm7BaPdSuaVai8GTUtVInnRFjfNC4obhYRs= mac@Hieu.lan","tags":null,"tags_all":{"Managed":"terraform","Project":"test-kafka"}},"sensitive_values":{"tags_all":{}}},{"address":"aws_security_group.this","mode":"managed","type":"aws_security_group","name":"this","provider_name":"registry.terraform.io/hashicorp/aws","schema_version":1,"values":{"description":"Security group for test-kafka (Kafka + UI + NPM)","egress":[{"cidr_blocks":["0.0.0.0/0"],"description":"","from_port":0,"ipv6_cidr_blocks":[],"prefix_list_ids":[],"protocol":"-1","security_groups":[],"self":false,"to_port":0}],"ingress":[{"cidr_blocks":["0.0.0.0/0"],"description":"Kafka UI","from_port":8080,"ipv6_cidr_blocks":[],"prefix_list_ids":[],"protocol":"tcp","security_groups":[],"self":false,"to_port":8080},{"cidr_blocks":["0.0.0.0/0"],"description":"Kafka external listener (as in docker-compose 9093)","from_port":9093,"ipv6_cidr_blocks":[],"prefix_list_ids":[],"protocol":"tcp","security_groups":[],"self":false,"to_port":9093},{"cidr_blocks":["0.0.0.0/0"],"description":"Nginx Proxy Manager Admin","from_port":81,"ipv6_cidr_blocks":[],"prefix_list_ids":[],"protocol":"tcp","security_groups":[],"self":false,"to_port":81},{"cidr_blocks":["0.0.0.0/0"],"description":"Nginx Proxy Manager HTTP","from_port":80,"ipv6_cidr_blocks":[],"prefix_list_ids":[],"protocol":"tcp","security_groups":[],"self":false,"to_port":80},{"cidr_blocks":["0.0.0.0/0"],"description":"Nginx Proxy Manager HTTPS","from_port":443,"ipv6_cidr_blocks":[],"prefix_list_ids":[],"protocol":"tcp","security_groups":[],"self":false,"to_port":443},{"cidr_blocks":["0.0.0.0/0"],"description":"SSH","from_port":22,"ipv6_cidr_blocks":[],"prefix_list_ids":[],"protocol":"tcp","security_groups":[],"self":false,"to_port":22}],"name":"test-kafka-sg","revoke_rules_on_delete":false,"tags":null,"tags_all":{"Managed":"terraform","Project":"test-kafka"},"timeouts":null,"vpc_id":"vpc-bb13cf0c867d4e5b5"},"sensitive_values":{"egress":[{"cidr_blocks":[false],"ipv6_cidr_blocks":[],"prefix_list_ids":[],"security_groups":[]}],"ingress":[{"cidr_blocks":[false],"ipv6_cidr_blocks":[],"prefix_list_ids":[],"security_groups":[]},{"cidr_blocks":[false],"ipv6_cidr_blocks":[],"prefix_list_ids":[],"security_groups":[]},{"cidr_blocks":[false],"ipv6_cidr_blocks":[],"prefix_list_ids":[],"security_groups":[]},{"cidr_blocks":[false],"ipv6_cidr_blocks":[],"prefix_list_ids":[],"security_groups":[]},{"cidr_blocks":[false],"ipv6_cidr_blocks":[],"prefix_list_ids":[],"security_groups":[]},{"cidr_blocks":[false],"ipv6_cidr_blocks":[],"prefix_list_ids":[],"security_groups":[]}],"tags_all":{}}}]}},"resource_changes":[{"address":"aws_instance.this","mode":"managed","type":"aws_instance","name":"this","provider_name":"registry.terraform.io/hashicorp/aws","change":{"actions":["create"],"before":null,"after":{"ami":"ami-07c1fa5792ef8fe27","associate_public_ip_address":true,"credit_specification":[],"get_password_data":false,"hibernation":null,"instance_type":"t3.small","key_name":"test-kafka-key","launch_template":[],"source_dest_check":true,"subnet_id":"subnet-6dc3f635dd919c716","tags":{"Name":"test-kafka"},"tags_all":{"Managed":"terraform","Name":"test-kafka","Project":"test-kafka"},"timeouts":null,"user_data":"ad60a09f007645f443ed2f76282b22cca668726d","user_data_replace_on_change":false,"volume_tags":null},"after_unknown":{"arn":true,"availability_zone":true,"capacity_reservation_specification":true,"cpu_core_count":true,"cpu_options":true,"cpu_threads_per_core":true,"credit_specification":[],"disable_api_stop":true,"disable_api_termination":true,"ebs_block_device":true,"ebs_optimized":true,"enable_primary_ipv6":true,"enclave_options":true,"ephemeral_block_device":true,"host_id":true,"host_resource_group_arn":true,"iam_instance_profile":true,"id":true,"instance_initiated_shutdown_behavior":true,"instance_lifecycle":true,"instance_market_options":true,"instance_state":true,"ipv6_address_count":true,"ipv6_addresses":true,"launch_template":[],"maintenance_options":true,"metadata_options":true,"monitoring":true,"network_interface":true,"outpost_arn":true,"password_data":true,"placement_group":true,"placement_partition_number":true,"primary_network_interface_id":true,"private_dns":true,"private_dns_name_options":true,"private_ip":true,"public_dns":true,"public_ip":true,"root_block_device":true,"secondary_private_ips":true,"security_groups":true,"spot_instance_request_id":true,"tags":{},"tags_all":{},"tenancy":true,"user_data_base64":true,"vpc_security_group_ids":true},"before_sensitive":false,"after_sensitive":{"capacity_reservation_specification":[],"cpu_options":[],"credit_specification":[],"ebs_block_device":[],"enclave_options":[],"ephemeral_block_device":[],"instance_market_options":[],"ipv6_addresses":[],"launch_template":[],"maintenance_options":[],"metadata_options":[],"network_interface":[],"private_dns_name_options":[],"root_block_device":[],"secondary_private_ips":[],"security_groups":[],"tags":{},"tags_all":{},"vpc_security_group_ids":[]}}},{"address":"aws_key_pair.this[0]","mode":"managed","type":"aws_key_pair","name":"this","index":0,"provider_name":"registry.terraform.io/hashicorp/aws","change":{"actions":["create"],"before":null,"after":{"key_name":"test-kafka-key","public_key":"ssh-rsa AAAAB3NzaC1yc2EAAAADAQABAAABgQC0ZbcOWrXOAAmQwlGAFs+f+NBjjk0hapZX8ZBJ5s4v77CWspj8ZL/lfdpHdI3Yy4qyvbcI9TqB+LXNXyZfsxru/iHG961eALhxgN01fVlL0J7nWex2X34AYw95kbQcz69VdIHQ9akGyRs4MFCxqAszT39g4JOKSBty0yXF4R5RKUDnm7AdDDts7/A0V5oD5EGFIQy3s0uOnXVUosPudEoJenRPYZFl8wrgILUIvfflYWB9QLQdKh34t+BFk3FQmylEREHwF07+JcMUqxisV86XnnwERf3Q87/VzO0mS4+u5+EDg3fINmAA5uvbNQxL+k+J6OgS72mUsCxH2MkQWHZcf75nhewrB1xYHMSowZbbtgBzINCasTp16DAi6YbKFxzQQXjgu78c58+YIxp1yyG7hO6i+M9fyCRHm3sA8OPueugCZRbkvCLcQuAxTnl74KnYbWgX+Uq8n6x4M2DRUepZA+XYAo+3Jm7BaPdSuaVai8GTUtVInnRFjfNC4obhYRs= mac@Hieu.lan","tags":null,"tags_all":{"Managed":"terraform","Project":"test-kafka"}},"after_unknown":{"arn":true,"fingerprint":true,"id":true,"key_name_prefix":true,"key_pair_id":true,"key_type":true,"tags_all":{}},"before_sensitive":false,"after_sensitive":{"tags_all":{}}}},{"address":"aws_security_group.this","mode":"managed","type":"aws_security_group","name":"this","provider_name":"registry.terraform.io/hashicorp/aws","change":{"actions":["create"],"before":null,"after":{"description":"Security group for test-kafka (Kafka + UI + NPM)","egress":[{"cidr_blocks":["0.0.0.0/0"],"description":"","from_port":0,"ipv6_cidr_blocks":[],"prefix_list_ids":[],"protocol":"-1","security_groups":[],"self":false,"to_port":0}],"ingress":[{"cidr_blocks":["0.0.0.0/0"],"description":"Kafka UI","from_port":8080,"ipv6_cidr_blocks":[],"prefix_list_ids":[],"protocol":"tcp","security_groups":[],"self":false,"to_port":8080},{"cidr_blocks":["0.0.0.0/0"],"description":"Kafka external listener (as in docker-compose 9093)","from_port":9093,"ipv6_cidr_blocks":[],"prefix_list_ids":[],"protocol":"tcp","security_groups":[],"self":false,"to_port":9093},{"cidr_blocks":["0.0.0.0/0"],"description":"Nginx Proxy Manager Admin","from_port":81,"ipv6_cidr_blocks":[],"prefix_list_ids":[],"protocol":"tcp","security_groups":[],"self":false,"to_port":81},{"cidr_blocks":["0.0.0.0/0"],"description":"Nginx Proxy Manager HTTP","from_port":80,"ipv6_cidr_blocks":[],"prefix_list_ids":[],"protocol":"tcp","security_groups":[],"self":false,"to_port":80},{"cidr_blocks":["0.0.0.0/0"],"description":"Nginx Proxy Manager HTTPS","from_port":443,"ipv6_cidr_blocks":[],"prefix_list_ids":[],"protocol":"tcp","security_groups":[],"self":false,"to_port":443},{"cidr_blocks":["0.0.0.0/0"],"description":"SSH","from_port":22,"ipv6_cidr_blocks":[],"prefix_list_ids":[],"protocol":"tcp","security_groups":[],"self":false,"to_port":22}],"name":"test-kafka-sg","revoke_rules_on_delete":false,"tags":null,"tags_all":{"Managed":"terraform","Project":"test-kafka"},"timeouts":null,"vpc_id":"vpc-bb13cf0c867d4e5b5"},"after_unknown":{"arn":true,"egress":[{"cidr_blocks":[false],"ipv6_cidr_blocks":[],"prefix_list_ids":[],"security_groups":[]}],"id":true,"ingress":[{"cidr_blocks":[false],"ipv6_cidr_blocks":[],"prefix_list_ids":[],"security_groups":[]},{"cidr_blocks":[false],"ipv6_cidr_blocks":[],"prefix_list_ids":[],"security_groups":[]},{"cidr_blocks":[false],"ipv6_cidr_blocks":[],"prefix_list_ids":[],"security_groups":[]},{"cidr_blocks":[false],"ipv6_cidr_blocks":[],"prefix_list_ids":[],"security_groups":[]},{"cidr_blocks":[false],"ipv6_cidr_blocks":[],"prefix_list_ids":[],"security_groups":[]},{"cidr_blocks":[false],"ipv6_cidr_blocks":[],"prefix_list_ids":[],"security_groups":[]}],"name_prefix":true,"owner_id":true,"tags_all":{}},"before_sensitive":false,"after_sensitive":{"egress":[{"cidr_blocks":[false],"ipv6_cidr_blocks":[],"prefix_list_ids":[],"security_groups":[]}],"ingress":[{"cidr_blocks":[false],"ipv6_cidr_blocks":[],"prefix_list_ids":[],"security_groups":[]},{"cidr_blocks":[false],"ipv6_cidr_blocks":[],"prefix_list_ids":[],"security_groups":[]},{"cidr_blocks":[false],"ipv6_cidr_blocks":[],"prefix_list_ids":[],"security_groups":[]},{"cidr_blocks":[false],"ipv6_cidr_blocks":[],"prefix_list_ids":[],"security_groups":[]},{"cidr_blocks":[false],"ipv6_cidr_blocks":[],"prefix_list_ids":[],"security_groups":[]},{"cidr_blocks":[false],"ipv6_cidr_blocks":[],"prefix_list_ids":[],"security_groups":[]}],"tags_all":{}}}}],"output_changes":{"instance_id":{"actions":["create"],"before":null,"after_unknown":true,"before_sensitive":false,"after_sensitive":false},"kafka_ui_url":{"actions":["create"],"before":null,"after_unknown":true,"before_sensitive":false,"after_sensitive":false},"nginx_proxy_manager_url":{"actions":["create"],"before":null,"after_unknown":true,"before_sensitive":false,"after_sensitive":false},"public_ip":{"actions":["create"],"before":null,"after_unknown":true,"before_sensitive":false,"after_sensitive":false}},"prior_state":{"format_version":"1.0","terraform_version":"1.13.5","values":{"root_module":{"resources":[{"address":"data.aws_ami.al2023","mode":"data","type":"aws_ami","name":"al2023","provider_name":"registry.terraform.io/hashicorp/aws","schema_version":0,"values":{"architecture":"x86_64","arn":"arn:aws:ec2:us-east-1::image/ami-07c1fa5792ef8fe27","block_device_mappings":[{"device_name":"/dev/xvda","ebs":{"delete_on_termination":"false","encrypted":"false","iops":"0","snapshot_id":"snap-54671d170b77f1cc6","throughput":"0","volume_initialization_rate":"0","volume_size":"15","volume_type":"standard"},"no_device":"","virtual_name":""}],"boot_mode":"uefi","creation_date":"2026-01-26T23:16:26.000Z","deprecation_time":"","description":"Amazon Linux 2023 AMI 2023.8.20250915.0 x86_64 Minimal HVM kernel-6.1","ena_support":false,"executable_users":null,"filter":[{"name":"name","values":["al2023-ami-*-x86_64"]},{"name":"virtualization-type","values":["hvm"]}],"hypervisor":"xen","id":"ami-07c1fa5792ef8fe27","image_id":"ami-07c1fa5792ef8fe27","image_location":"","image_owner_alias":"amazon","image_type":"machine","imds_support":"","include_deprecated":false,"kernel_id":"","last_launched_time":"","most_recent":true,"name":"al2023-ami-minimal-2023.8.20250915.0-kernel-6.1-x86_64","name_regex":null,"owner_id":"137112412989","owners":["amazon"],"platform":"","platform_details":"","product_codes":[],"public":true,"ramdisk_id":"","root_device_name":"/dev/xvda","root_device_type":"ebs","root_snapshot_id":"snap-54671d170b77f1cc6","sriov_net_support":"","state":"available","state_reason":{"code":"UNSET","message":"UNSET"},"tags":{},"timeouts":null,"tpm_support":"","uefi_data":null,"usage_operation":"","virtualization_type":"hvm"},"sensitive_values":{"block_device_mappings":[{"ebs":{}}],"filter":[{"values":[false]},{"values":[false]}],"owners":[false],"product_codes":[],"state_reason":{},"tags":{}}},{"address":"data.aws_subnets.default","mode":"data","type":"aws_subnets","name":"default","provider_name":"registry.terraform.io/hashicorp/aws","schema_version":0,"values":{"filter":[{"name":"vpc-id","values":["vpc-bb13cf0c867d4e5b5"]}],"id":"us-east-1","ids":["subnet-6dc3f635dd919c716","subnet-6c9c1e4da4d6bc1c7","subnet-0298d30df6d52824b","subnet-54a1d4e2d91eb8631","subnet-a2c16eede97efb953","subnet-136b246e31a12ddd1"],"tags":null,"timeouts":null},"sensitive_values":{"filter":[{"values":[false]}],"ids":[false,false,false,false,false,false]}},{"address":"data.aws_vpc.default","mode":"data","type":"aws_vpc","name":"default","provider_name":"registry.terraform.io/hashicorp/aws","schema_version":0,"values":{"arn":"arn:aws:ec2:us-east-1:000000000000:vpc/vpc-bb13cf0c867d4e5b5","cidr_block":"172.31.0.0/16","cidr_block_associations":[{"association_id":"vpc-cidr-assoc-0274b036b2dfc7384","cidr_block":"172.31.0.0/16","state":"associated"}],"default":true,"dhcp_options_id":"default","enable_dns_hostnames":true,"enable_dns_support":true,"enable_network_address_usage_metrics":false,"filter":null,"id":"vpc-bb13cf0c867d4e5b5","instance_tenancy":"default","ipv6_association_id":"","ipv6_cidr_block":"","main_route_table_id":"rtb-e1e9d1e7dda5b02b5","owner_id":"000000000000","state":null,"tags":{},"timeouts":null},"sensitive_values":{"cidr_block_associations":[{}],"tags":{}}}]}}},"configuration":{"provider_config":{"aws":{"name":"aws","full_name":"registry.terraform.io/hashicorp/aws","version_constraint":"~\u003e 5.0","expressions":{"default_tags":[{"tags":{"references":["var.app_name"]}}],"region":{"references":["var.aws_region"]}}}},"root_module":{"outputs":{"instance_id":{"expression":{"references":["aws_instance.this.id","aws_instance.this"]},"description":"EC2 instance id"},"kafka_ui_url":{"expression":{"references":["aws_instance.this.public_ip","aws_instance.this"]},"description":"Kafka UI URL"},"nginx_proxy_manager_url":{"expression":{"references":["aws_instance.this.public_ip","aws_instance.this"]},"description":"Nginx Proxy Manager admin URL"},"public_ip":{"expression":{"references":["aws_instance.this.public_ip","aws_instance.this"]},"description":"Public IP of the instance"}},"resources":[{"address":"aws_instance.this","mode":"managed","type":"aws_instance","name":"this","provider_config_key":"aws","expressions":{"ami":{"references":["data.aws_ami.al2023.id","data.aws_ami.al2023"]},"associate_public_ip_address":{"constant_value":true},"instance_type":{"references":["var.instance_type"]},"key_name":{"references":["aws_key_pair.this[0].key_name","aws_key_pair.this[0]","aws_key_pair.this"]},"subnet_id":{"references":["data.aws_subnets.default.ids","data.aws_subnets.default"]},"tags":{"references":["local.name"]},"user_data":{"references":["local.name","local.name","local.name"]},"vpc_security_group_ids":{"references":["aws_security_group.this.id","aws_security_group.this"]}},"schema_version":1},{"address":"aws_key_pair.this","mode":"managed","type":"aws_key_pair","name":"this","provider_config_key":"aws","expressions":{"key_name":{"references":["local.name"]},"public_key":{"references":["local.ssh_public_key_effective"]}},"schema_version":1,"count_expression":{"references":["local.ssh_public_key_effective"]}},{"address":"aws_security_group.this","mode":"managed","type":"aws_security_group","name":"this","provider_config_key":"aws","expressions":{"description":{"references":["local.name"]},"egress":{"constant_value":[{"cidr_blocks":["0.0.0.0/0"],"description":null,"from_port":0,"ipv6_cidr_blocks":null,"prefix_list_ids":null,"protocol":"-1","security_groups":null,"self":null,"to_port":0}]},"ingress":{"constant_value":[{"cidr_blocks":["0.0.0.0/0"],"description":"SSH","from_port":22,"ipv6_cidr_blocks":null,"prefix_list_ids":null,"protocol":"tcp","security_groups":null,"self":null,"to_port":22},{"cidr_blocks":["0.0.0.0/0"],"description":"Kafka UI","from_port":8080,"ipv6_cidr_blocks":null,"prefix_list_ids":null,"protocol":"tcp","security_groups":null,"self":null,"to_port":8080},{"cidr_blocks":["0.0.0.0/0"],"description":"Nginx Proxy Manager HTTP","from_port":80,"ipv6_cidr_blocks":null,"prefix_list_ids":null,"protocol":"tcp","security_groups":null,"self":null,"to_port":80},{"cidr_blocks":["0.0.0.0/0"],"description":"Nginx Proxy Manager Admin","from_port":81,"ipv6_cidr_blocks":null,"prefix_list_ids":null,"protocol":"tcp","security_groups":null,"self":null,"to_port":81},{"cidr_blocks":["0.0.0.0/0"],"description":"Nginx Proxy Manager HTTPS","from_port":443,"ipv6_cidr_blocks":null,"prefix_list_ids":null,"protocol":"tcp","security_groups":null,"self":null,"to_port":443},{"cidr_blocks":["0.0.0.0/0"],"description":"Kafka external listener (as in docker-compose 9093)","from_port":9093,"ipv6_cidr_blocks":null,"prefix_list_ids":null,"protocol":"tcp","security_groups":null,"self":null,"to_port":9093}]},"name":{"references":["local.name"]},"vpc_id":{"references":["data.aws_vpc.default.id","data.aws_vpc.default"]}},"schema_version":1},{"address":"data.aws_ami.al2023","mode":"data","type":"aws_ami","name":"al2023","provider_config_key":"aws","expressions":{"filter":[{"name":{"constant_value":"name"},"values":{"constant_value":["al2023-ami-*-x86_64"]}},{"name":{"constant_value":"virtualization-type"},"values":{"constant_value":["hvm"]}}],"most_recent":{"constant_value":true},"owners":{"constant_value":["amazon"]}},"schema_version":0},{"address":"data.aws_subnets.default","mode":"data","type":"aws_subnets","name":"default","provider_config_key":"aws","expressions":{"filter":[{"name":{"constant_value":"vpc-id"},"values":{"references":["data.aws_vpc.default.id","data.aws_vpc.default"]}}]},"schema_version":0},{"address":"data.aws_vpc.default","mode":"data","type":"aws_vpc","name":"default","provider_config_key":"aws","expressions":{"default":{"constant_value":true}},"schema_version":0}],"variables":{"app_name":{"default":"test-kafka","description":"Name prefix for resources"},"aws_region":{"default":"us-east-1","description":"AWS region to deploy into"},"instance_type":{"default":"t3.small","description":"EC2 instance type"},"ssh_public_key":{"default":null,"description":"SSH public key material to access the instance"},"ssh_public_key_path":{"default":"../ssh/test-kafka-do.pub","description":"Path to an SSH public key file (used if ssh_public_key is null)"}}}},"relevant_attributes":[{"resource":"data.aws_ami.al2023","attribute":["id"]},{"resource":"data.aws_vpc.default","attribute":["id"]},{"resource":"aws_instance.this","attribute":["id"]},{"resource":"aws_instance.this","attribute":["public_ip"]},{"resource":"data.aws_subnets.default","attribute":["ids"]},{"resource":"aws_key_pair.this[0]","attribute":["key_name"]},{"resource":"aws_security_group.this","attribute":["id"]}],"timestamp":"2026-01-26T23:16:25Z","applyable":true,"complete":true,"errored":false}
