{"format_version":"1.2","terraform_version":"1.13.5","variables":{"aws_region":{"value":"us-east-1"},"lambda_function_name":{"value":"iterator-lambda"},"lambda_handler":{"value":"main"},"lambda_role_name":{"value":"iterator-lambda-role"},"lambda_runtime":{"value":"go1.x"},"lambda_s3_bucket":{"value":"ai-tf-bucket"},"lambda_s3_key":{"value":"ai-tf.txt"}},"planned_values":{"outputs":{"lambda_function_arn":{"sensitive":false},"lambda_function_name":{"sensitive":false,"type":"string","value":"iterator-lambda"},"step_function_arn":{"sensitive":false}},"root_module":{"resources":[{"address":"aws_cloudwatch_log_group.lambda","mode":"managed","type":"aws_cloudwatch_log_group","name":"lambda","provider_name":"registry.terraform.io/hashicorp/aws","schema_version":0,"values":{"kms_key_id":null,"name":"/aws/lambda/iterator-lambda","region":"us-east-1","retention_in_days":14,"skip_destroy":false,"tags":null},"sensitive_values":{"tags_all":{}},"identity_schema_version":0,"identity":{"account_id":null,"name":null,"region":null}},{"address":"aws_cloudwatch_log_group.stepfunctions","mode":"managed","type":"aws_cloudwatch_log_group","name":"stepfunctions","provider_name":"registry.terraform.io/hashicorp/aws","schema_version":0,"values":{"kms_key_id":null,"name":"/aws/vendedlogs/states/iterator-state-machine","region":"us-east-1","retention_in_days":14,"skip_destroy":false,"tags":null},"sensitive_values":{"tags_all":{}},"identity_schema_version":0,"identity":{"account_id":null,"name":null,"region":null}},{"address":"aws_iam_role.lambda_exec","mode":"managed","type":"aws_iam_role","name":"lambda_exec","provider_name":"registry.terraform.io/hashicorp/aws","schema_version":0,"values":{"assume_role_policy":"{\"Statement\":[{\"Action\":\"sts:AssumeRole\",\"Effect\":\"Allow\",\"Principal\":{\"Service\":\"lambda.amazonaws.com\"}}],\"Version\":\"2012-10-17\"}","description":null,"force_detach_policies":false,"max_session_duration":3600,"name":"iterator-lambda-role","path":"/","permissions_boundary":null,"tags":null},"sensitive_values":{"inline_policy":[],"managed_policy_arns":[],"tags_all":{}},"identity_schema_version":0,"identity":{"account_id":null,"name":null}},{"address":"aws_iam_role_policy.lambda_policy","mode":"managed","type":"aws_iam_role_policy","name":"lambda_policy","provider_name":"registry.terraform.io/hashicorp/aws","schema_version":0,"values":{"name":"lambda-basic-execution","policy":"{\"Version\":\"2012-10-17\",\"Statement\":[{\"Action\":[\"logs:PutLogEvents\",\"logs:CreateLogStream\",\"logs:CreateLogGroup\"],\"Effect\":\"Allow\",\"Resource\":\"arn:aws:logs:*:*:*\"}]}"},"sensitive_values":{},"identity_schema_version":0,"identity":{"account_id":null,"name":null,"role":null}},{"address":"aws_lambda_function.iterator","mode":"managed","type":"aws_lambda_function","name":"iterator","provider_name":"registry.terraform.io/hashicorp/aws","schema_version":0,"values":{"capacity_provider_config":[],"code_signing_config_arn":null,"dead_letter_config":[],"description":null,"durable_config":[],"environment":[{"variables":{"LAMBDA":"iterator-lambda","REGION":"us-east-1"}}],"file_system_config":[],"filename":null,"function_name":"iterator-lambda","handler":"main","image_config":[],"image_uri":null,"kms_key_arn":null,"layers":null,"memory_size":128,"package_type":"Zip","publish":false,"publish_to":null,"region":"us-east-1","replace_security_groups_on_destroy":null,"replacement_security_group_ids":null,"reserved_concurrent_executions":-1,"runtime":"go1.x","s3_bucket":"ai-tf-bucket","s3_key":"ai-tf.txt","s3_object_version":null,"skip_destroy":false,"snap_start":[],"source_kms_key_arn":null,"tags":null,"tenancy_config":[],"timeout":3,"timeouts":null,"vpc_config":[]},"sensitive_values":{"architectures":[],"capacity_provider_config":[],"dead_letter_config":[],"durable_config":[],"environment":[{"variables":{}}],"ephemeral_storage":[],"file_system_config":[],"image_config":[],"logging_config":[],"snap_start":[],"tags_all":{},"tenancy_config":[],"tracing_config":[],"vpc_config":[]},"identity_schema_version":0,"identity":{"account_id":null,"function_name":null,"region":null}},{"address":"aws_sfn_state_machine.iterator","mode":"managed","type":"aws_sfn_state_machine","name":"iterator","provider_name":"registry.terraform.io/hashicorp/aws","schema_version":0,"values":{"name":"iterator-state-machine","publish":false,"region":"us-east-1","tags":null,"timeouts":null,"type":"STANDARD"},"sensitive_values":{"encryption_configuration":[],"logging_configuration":[],"tags_all":{},"tracing_configuration":[]},"identity_schema_version":0,"identity":{"arn":null}}]}},"resource_changes":[{"address":"aws_cloudwatch_log_group.lambda","mode":"managed","type":"aws_cloudwatch_log_group","name":"lambda","provider_name":"registry.terraform.io/hashicorp/aws","change":{"actions":["create"],"before":null,"after":{"kms_key_id":null,"name":"/aws/lambda/iterator-lambda","region":"us-east-1","retention_in_days":14,"skip_destroy":false,"tags":null},"after_unknown":{"arn":true,"deletion_protection_enabled":true,"id":true,"log_group_class":true,"name_prefix":true,"tags_all":true},"before_sensitive":false,"after_sensitive":{"tags_all":{}},"after_identity":{"account_id":null,"name":null,"region":null}}},{"address":"aws_cloudwatch_log_group.stepfunctions","mode":"managed","type":"aws_cloudwatch_log_group","name":"stepfunctions","provider_name":"registry.terraform.io/hashicorp/aws","change":{"actions":["create"],"before":null,"after":{"kms_key_id":null,"name":"/aws/vendedlogs/states/iterator-state-machine","region":"us-east-1","retention_in_days":14,"skip_destroy":false,"tags":null},"after_unknown":{"arn":true,"deletion_protection_enabled":true,"id":true,"log_group_class":true,"name_prefix":true,"tags_all":true},"before_sensitive":false,"after_sensitive":{"tags_all":{}},"after_identity":{"account_id":null,"name":null,"region":null}}},{"address":"aws_iam_role.lambda_exec","mode":"managed","type":"aws_iam_role","name":"lambda_exec","provider_name":"registry.terraform.io/hashicorp/aws","change":{"actions":["create"],"before":null,"after":{"assume_role_policy":"{\"Statement\":[{\"Action\":\"sts:AssumeRole\",\"Effect\":\"Allow\",\"Principal\":{\"Service\":\"lambda.amazonaws.com\"}}],\"Version\":\"2012-10-17\"}","description":null,"force_detach_policies":false,"max_session_duration":3600,"name":"iterator-lambda-role","path":"/","permissions_boundary":null,"tags":null},"after_unknown":{"arn":true,"create_date":true,"id":true,"inline_policy":true,"managed_policy_arns":true,"name_prefix":true,"tags_all":true,"unique_id":true},"before_sensitive":false,"after_sensitive":{"inline_policy":[],"managed_policy_arns":[],"tags_all":{}},"after_identity":{"account_id":null,"name":null}}},{"address":"aws_iam_role_policy.lambda_policy","mode":"managed","type":"aws_iam_role_policy","name":"lambda_policy","provider_name":"registry.terraform.io/hashicorp/aws","change":{"actions":["create"],"before":null,"after":{"name":"lambda-basic-execution","policy":"{\"Version\":\"2012-10-17\",\"Statement\":[{\"Action\":[\"logs:PutLogEvents\",\"logs:CreateLogStream\",\"logs:CreateLogGroup\"],\"Effect\":\"Allow\",\"Resource\":\"arn:aws:logs:*:*:*\"}]}"},"after_unknown":{"id":true,"name_prefix":true,"role":true},"before_sensitive":false,"after_sensitive":{},"after_identity":{"account_id":null,"name":null,"role":null}}},{"address":"aws_lambda_function.iterator","mode":"managed","type":"aws_lambda_function","name":"iterator","provider_name":"registry.terraform.io/hashicorp/aws","change":{"actions":["create"],"before":null,"after":{"capacity_provider_config":[],"code_signing_config_arn":null,"dead_letter_config":[],"description":null,"durable_config":[],"environment":[{"variables":{"LAMBDA":"iterator-lambda","REGION":"us-east-1"}}],"file_system_config":[],"filename":null,"function_name":"iterator-lambda","handler":"main","image_config":[],"image_uri":null,"kms_key_arn":null,"layers":null,"memory_size":128,"package_type":"Zip","publish":false,"publish_to":null,"region":"us-east-1","replace_security_groups_on_destroy":null,"replacement_security_group_ids":null,"reserved_concurrent_executions":-1,"runtime":"go1.x","s3_bucket":"ai-tf-bucket","s3_key":"ai-tf.txt","s3_object_version":null,"skip_destroy":false,"snap_start":[],"source_kms_key_arn":null,"tags":null,"tenancy_config":[],"timeout":3,"timeouts":null,"vpc_config":[]},"after_unknown":{"architectures":true,"arn":true,"capacity_provider_config":[],"code_sha256":true,"dead_letter_config":[],"durable_config":[],"environment":[{"variables":{}}],"ephemeral_storage":true,"file_system_config":[],"id":true,"image_config":[],"invoke_arn":true,"last_modified":true,"logging_config":true,"qualified_arn":true,"qualified_invoke_arn":true,"role":true,"signing_job_arn":true,"signing_profile_version_arn":true,"snap_start":[],"source_code_hash":true,"source_code_size":true,"tags_all":true,"tenancy_config":[],"tracing_config":true,"version":true,"vpc_config":[]},"before_sensitive":false,"after_sensitive":{"architectures":[],"capacity_provider_config":[],"dead_letter_config":[],"durable_config":[],"environment":[{"variables":{}}],"ephemeral_storage":[],"file_system_config":[],"image_config":[],"logging_config":[],"snap_start":[],"tags_all":{},"tenancy_config":[],"tracing_config":[],"vpc_config":[]},"after_identity":{"account_id":null,"function_name":null,"region":null}}},{"address":"aws_sfn_state_machine.iterator","mode":"managed","type":"aws_sfn_state_machine","name":"iterator","provider_name":"registry.terraform.io/hashicorp/aws","change":{"actions":["create"],"before":null,"after":{"name":"iterator-state-machine","publish":false,"region":"us-east-1","tags":null,"timeouts":null,"type":"STANDARD"},"after_unknown":{"arn":true,"creation_date":true,"definition":true,"description":true,"encryption_configuration":true,"id":true,"logging_configuration":true,"name_prefix":true,"revision_id":true,"role_arn":true,"state_machine_version_arn":true,"status":true,"tags_all":true,"tracing_configuration":true,"version_description":true},"before_sensitive":false,"after_sensitive":{"encryption_configuration":[],"logging_configuration":[],"tags_all":{},"tracing_configuration":[]},"after_identity":{"arn":null}}}],"output_changes":{"lambda_function_arn":{"actions":["create"],"before":null,"after_unknown":true,"before_sensitive":false,"after_sensitive":false},"lambda_function_name":{"actions":["create"],"before":null,"after":"iterator-lambda","after_unknown":false,"before_sensitive":false,"after_sensitive":false},"step_function_arn":{"actions":["create"],"before":null,"after_unknown":true,"before_sensitive":false,"after_sensitive":false}},"prior_state":{"format_version":"1.0","terraform_version":"1.13.5","values":{"outputs":{"lambda_function_name":{"sensitive":false,"value":"iterator-lambda","type":"string"}},"root_module":{"resources":[{"address":"data.aws_iam_policy_document.lambda_policy","mode":"data","type":"aws_iam_policy_document","name":"lambda_policy","provider_name":"registry.terraform.io/hashicorp/aws","schema_version":0,"values":{"id":"16712114","json":"{\n  \"Version\": \"2012-10-17\",\n  \"Statement\": [\n    {\n      \"Effect\": \"Allow\",\n      \"Action\": [\n        \"logs:PutLogEvents\",\n        \"logs:CreateLogStream\",\n        \"logs:CreateLogGroup\"\n      ],\n      \"Resource\": \"arn:aws:logs:*:*:*\"\n    }\n  ]\n}","minified_json":"{\"Version\":\"2012-10-17\",\"Statement\":[{\"Effect\":\"Allow\",\"Action\":[\"logs:PutLogEvents\",\"logs:CreateLogStream\",\"logs:CreateLogGroup\"],\"Resource\":\"arn:aws:logs:*:*:*\"}]}","override_json":null,"override_policy_documents":null,"policy_id":null,"source_json":null,"source_policy_documents":null,"statement":[{"actions":["logs:CreateLogGroup","logs:CreateLogStream","logs:PutLogEvents"],"condition":[],"effect":"Allow","not_actions":[],"not_principals":[],"not_resources":[],"principals":[],"resources":["arn:aws:logs:*:*:*"],"sid":""}],"version":"2012-10-17"},"sensitive_values":{"statement":[{"actions":[false,false,false],"condition":[],"not_actions":[],"not_principals":[],"not_resources":[],"principals":[],"resources":[false]}]}}]}}},"configuration":{"provider_config":{"aws":{"name":"aws","full_name":"registry.terraform.io/hashicorp/aws","version_constraint":"6.27.0","expressions":{"region":{"references":["var.aws_region"]}}},"random":{"name":"random","full_name":"registry.terraform.io/hashicorp/random","version_constraint":"3.7.2"}},"root_module":{"outputs":{"lambda_function_arn":{"expression":{"references":["aws_lambda_function.iterator.arn","aws_lambda_function.iterator"]},"description":"ARN of the Lambda function."},"lambda_function_name":{"expression":{"references":["aws_lambda_function.iterator.function_name","aws_lambda_function.iterator"]},"description":"Name of the Lambda function."},"step_function_arn":{"expression":{"references":["aws_sfn_state_machine.iterator.arn","aws_sfn_state_machine.iterator"]},"description":"ARN of the Step Functions state machine."}},"resources":[{"address":"aws_cloudwatch_log_group.lambda","mode":"managed","type":"aws_cloudwatch_log_group","name":"lambda","provider_config_key":"aws","expressions":{"name":{"references":["var.lambda_function_name"]},"retention_in_days":{"constant_value":14}},"schema_version":0},{"address":"aws_cloudwatch_log_group.stepfunctions","mode":"managed","type":"aws_cloudwatch_log_group","name":"stepfunctions","provider_config_key":"aws","expressions":{"name":{"constant_value":"/aws/vendedlogs/states/iterator-state-machine"},"retention_in_days":{"constant_value":14}},"schema_version":0},{"address":"aws_iam_role.lambda_exec","mode":"managed","type":"aws_iam_role","name":"lambda_exec","provider_config_key":"aws","expressions":{"assume_role_policy":{"references":["path.module"]},"name":{"references":["var.lambda_role_name"]}},"schema_version":0},{"address":"aws_iam_role_policy.lambda_policy","mode":"managed","type":"aws_iam_role_policy","name":"lambda_policy","provider_config_key":"aws","expressions":{"name":{"constant_value":"lambda-basic-execution"},"policy":{"references":["data.aws_iam_policy_document.lambda_policy.json","data.aws_iam_policy_document.lambda_policy"]},"role":{"references":["aws_iam_role.lambda_exec.id","aws_iam_role.lambda_exec"]}},"schema_version":0},{"address":"aws_lambda_function.iterator","mode":"managed","type":"aws_lambda_function","name":"iterator","provider_config_key":"aws","expressions":{"environment":[{"variables":{"references":["var.aws_region","var.lambda_function_name"]}}],"function_name":{"references":["var.lambda_function_name"]},"handler":{"references":["var.lambda_handler"]},"role":{"references":["aws_iam_role.lambda_exec.arn","aws_iam_role.lambda_exec"]},"runtime":{"references":["var.lambda_runtime"]},"s3_bucket":{"references":["var.lambda_s3_bucket"]},"s3_key":{"references":["var.lambda_s3_key"]}},"schema_version":0},{"address":"aws_sfn_state_machine.iterator","mode":"managed","type":"aws_sfn_state_machine","name":"iterator","provider_config_key":"aws","expressions":{"definition":{"references":["path.module","aws_lambda_function.iterator.arn","aws_lambda_function.iterator"]},"name":{"constant_value":"iterator-state-machine"},"role_arn":{"references":["aws_iam_role.lambda_exec.arn","aws_iam_role.lambda_exec"]}},"schema_version":0},{"address":"data.aws_iam_policy_document.lambda_policy","mode":"data","type":"aws_iam_policy_document","name":"lambda_policy","provider_config_key":"aws","expressions":{"statement":[{"actions":{"constant_value":["logs:CreateLogGroup","logs:CreateLogStream","logs:PutLogEvents"]},"resources":{"constant_value":["arn:aws:logs:*:*:*"]}}]},"schema_version":0}],"variables":{"aws_region":{"default":"us-east-1","description":"AWS region to deploy resources in."},"lambda_function_name":{"default":"iterator-lambda","description":"Name for the Lambda function."},"lambda_handler":{"default":"main","description":"Lambda handler name (for Go, usually the binary name)."},"lambda_role_name":{"default":"iterator-lambda-role","description":"IAM role name for Lambda."},"lambda_runtime":{"default":"go1.x","description":"Lambda runtime."},"lambda_s3_bucket":{"description":"S3 bucket for Lambda deployment package."},"lambda_s3_key":{"description":"S3 key for Lambda deployment package."}}}},"relevant_attributes":[{"resource":"aws_lambda_function.iterator","attribute":["arn"]},{"resource":"aws_lambda_function.iterator","attribute":["function_name"]},{"resource":"data.aws_iam_policy_document.lambda_policy","attribute":["json"]},{"resource":"aws_sfn_state_machine.iterator","attribute":["arn"]},{"resource":"aws_iam_role.lambda_exec","attribute":["arn"]},{"resource":"aws_iam_role.lambda_exec","attribute":["id"]}],"timestamp":"2025-12-22T21:29:56Z","applyable":true,"complete":true,"errored":false}
