{
  "version": 4,
  "terraform_version": "1.13.5",
  "serial": 6,
  "lineage": "183d03c9-3b9c-7fab-fce1-88e048574b3c",
  "outputs": {},
  "resources": [
    {
      "mode": "managed",
      "type": "aws_cloudwatch_log_group",
      "name": "mongodb_aws_ecs",
      "provider": "provider[\"registry.terraform.io/hashicorp/aws\"]",
      "instances": [
        {
          "schema_version": 0,
          "attributes": {
            "arn": "arn:aws:logs:eu-west-2:000000000000:log-group:mongodb_aws_ecs",
            "deletion_protection_enabled": false,
            "id": "mongodb_aws_ecs",
            "kms_key_id": "",
            "log_group_class": "",
            "name": "mongodb_aws_ecs",
            "name_prefix": "",
            "region": "eu-west-2",
            "retention_in_days": 1,
            "skip_destroy": false,
            "tags": {
              "expire-on": "2023-03-01",
              "owner": "carlos.castro",
              "purpose": "opportunity"
            },
            "tags_all": {
              "expire-on": "2023-03-01",
              "owner": "carlos.castro",
              "purpose": "opportunity"
            }
          },
          "sensitive_attributes": [],
          "identity_schema_version": 0,
          "identity": {
            "account_id": "000000000000",
            "name": "mongodb_aws_ecs",
            "region": "eu-west-2"
          },
          "private": "bnVsbA=="
        }
      ]
    },
    {
      "mode": "managed",
      "type": "aws_ecs_cluster",
      "name": "cluster",
      "provider": "provider[\"registry.terraform.io/hashicorp/aws\"]",
      "instances": [
        {
          "schema_version": 0,
          "attributes": {
            "arn": "arn:aws:ecs:eu-west-2:000000000000:cluster/carlos-ecs-cluster",
            "configuration": [],
            "id": "arn:aws:ecs:eu-west-2:000000000000:cluster/carlos-ecs-cluster",
            "name": "carlos-ecs-cluster",
            "region": "eu-west-2",
            "service_connect_defaults": [],
            "setting": [
              {
                "name": "containerInsights",
                "value": "disabled"
              }
            ],
            "tags": {
              "expire-on": "2023-03-01",
              "owner": "carlos.castro",
              "purpose": "opportunity"
            },
            "tags_all": {
              "expire-on": "2023-03-01",
              "owner": "carlos.castro",
              "purpose": "opportunity"
            }
          },
          "sensitive_attributes": [],
          "identity_schema_version": 0,
          "private": "bnVsbA=="
        }
      ]
    },
    {
      "mode": "managed",
      "type": "aws_ecs_cluster_capacity_providers",
      "name": "capacity_provider",
      "provider": "provider[\"registry.terraform.io/hashicorp/aws\"]",
      "instances": [
        {
          "schema_version": 0,
          "attributes": {
            "capacity_providers": [
              "FARGATE"
            ],
            "cluster_name": "carlos-ecs-cluster",
            "default_capacity_provider_strategy": [
              {
                "base": 1,
                "capacity_provider": "FARGATE",
                "weight": 100
              }
            ],
            "id": "carlos-ecs-cluster",
            "region": "eu-west-2"
          },
          "sensitive_attributes": [],
          "identity_schema_version": 0,
          "private": "bnVsbA==",
          "dependencies": [
            "aws_ecs_cluster.cluster"
          ]
        }
      ]
    },
    {
      "mode": "managed",
      "type": "aws_ecs_task_definition",
      "name": "mongodb_aws_ecs",
      "provider": "provider[\"registry.terraform.io/hashicorp/aws\"]",
      "instances": [
        {
          "schema_version": 1,
          "attributes": {
            "arn": "arn:aws:ecs:eu-west-2:000000000000:task-definition/mongodb_aws_ecs:1",
            "arn_without_revision": "arn:aws:ecs:eu-west-2:000000000000:task-definition/mongodb_aws_ecs",
            "container_definitions": "[{\"environment\":[{\"name\":\"MONGODB_URI\",\"value\":\"terraform\"}],\"environmentFiles\":[],\"essential\":true,\"image\":\"terraform\",\"logConfiguration\":{\"logDriver\":\"awslogs\",\"options\":{\"awslogs-stream-prefix\":\"ecs\",\"awslogs-group\":\"mongodb_aws_ecs\",\"awslogs-region\":\"eu-west-2\"}},\"mountPoints\":[],\"name\":\"mongodb_aws_ecs\",\"portMappings\":[],\"volumesFrom\":[]}]",
            "cpu": "1024",
            "enable_fault_injection": false,
            "ephemeral_storage": [],
            "execution_role_arn": "arn:aws:iam:us-east-1:000000000000:terraform",
            "family": "mongodb_aws_ecs",
            "id": "mongodb_aws_ecs",
            "ipc_mode": "",
            "memory": "3072",
            "network_mode": "awsvpc",
            "pid_mode": "",
            "placement_constraints": [],
            "proxy_configuration": [],
            "region": "eu-west-2",
            "requires_compatibilities": [
              "FARGATE"
            ],
            "revision": 1,
            "runtime_platform": [
              {
                "cpu_architecture": "X86_64",
                "operating_system_family": "LINUX"
              }
            ],
            "skip_destroy": false,
            "tags": null,
            "tags_all": {},
            "task_role_arn": "arn:aws:iam:us-east-1:000000000000:terraform",
            "track_latest": false,
            "volume": []
          },
          "sensitive_attributes": [],
          "identity_schema_version": 0,
          "private": "eyJzY2hlbWFfdmVyc2lvbiI6IjEifQ=="
        }
      ]
    }
  ],
  "check_results": null
}
