{
  "version": 4,
  "terraform_version": "1.13.5",
  "serial": 1,
  "lineage": "7beb98da-d2e9-876a-d639-e4c828aff5a4",
  "outputs": {},
  "resources": [
    {
      "mode": "managed",
      "type": "random_id",
      "name": "suffix",
      "provider": "provider[\"registry.terraform.io/hashicorp/random\"]",
      "instances": [
        {
          "schema_version": 0,
          "attributes": {
            "b64_std": "Tw6iJA==",
            "b64_url": "Tw6iJA",
            "byte_length": 4,
            "dec": "1326359076",
            "hex": "4f0ea224",
            "id": "Tw6iJA",
            "keepers": null,
            "prefix": null
          },
          "sensitive_attributes": [],
          "identity_schema_version": 0
        }
      ]
    }
  ],
  "check_results": null
}
