{
  "version": 4,
  "terraform_version": "1.13.5",
  "serial": 1,
  "lineage": "1ecd79ad-42ae-a75f-1c0b-e387bf4d6d73",
  "outputs": {},
  "resources": [
    {
      "mode": "managed",
      "type": "aws_iam_role",
      "name": "plugin_role",
      "provider": "provider[\"registry.terraform.io/hashicorp/aws\"]",
      "instances": [
        {
          "schema_version": 0,
          "attributes": {
            "arn": "arn:aws:iam::000000000000:role/nebari-metrics-server-plugin-role-20260125175635876500000001",
            "assume_role_policy": "{\"Statement\":[{\"Action\":\"sts:AssumeRole\",\"Condition\":{\"StringEquals\":{\"sts:ExternalId\":\"nebari\"}},\"Effect\":\"Allow\",\"Principal\":{\"AWS\":\"*\"}}],\"Version\":\"2012-10-17\"}",
            "create_date": "2026-01-25T17:56:35Z",
            "description": "",
            "force_detach_policies": false,
            "id": "nebari-metrics-server-plugin-role-20260125175635876500000001",
            "inline_policy": [],
            "managed_policy_arns": [],
            "max_session_duration": 3600,
            "name": "nebari-metrics-server-plugin-role-20260125175635876500000001",
            "name_prefix": "nebari-metrics-server-plugin-role-",
            "path": "/",
            "permissions_boundary": "",
            "tags": {
              "Name": "nebari-metrics-server-plugin-role"
            },
            "tags_all": {
              "Managed": "terraform",
              "Name": "nebari-metrics-server-plugin-role",
              "Project": "nebari-metrics-server-plugin"
            },
            "unique_id": "AROAQAAAAAAACU3MUWEEB"
          },
          "sensitive_attributes": [],
          "identity_schema_version": 0,
          "private": "bnVsbA=="
        }
      ]
    },
    {
      "mode": "managed",
      "type": "aws_s3_bucket",
      "name": "artifacts",
      "provider": "provider[\"registry.terraform.io/hashicorp/aws\"]",
      "instances": []
    }
  ],
  "check_results": null
}
