{"format_version":"1.2","terraform_version":"1.13.5","variables":{"app_name":{"value":"btry-indi"},"aws_region":{"value":"us-east-1"},"bucket_force_destroy":{"value":true}},"planned_values":{"outputs":{"s3_bucket_arn":{"sensitive":false},"s3_bucket_name":{"sensitive":false,"type":"string","value":"btry-indi-000000000000-us-east-1"}},"root_module":{"resources":[{"address":"aws_s3_bucket.site","mode":"managed","type":"aws_s3_bucket","name":"site","provider_name":"registry.terraform.io/hashicorp/aws","schema_version":0,"values":{"bucket":"btry-indi-000000000000-us-east-1","force_destroy":true,"region":"us-east-1","tags":null,"tags_all":{"Managed":"terraform","Project":"btry-indi"},"timeouts":null},"sensitive_values":{"cors_rule":[],"grant":[],"lifecycle_rule":[],"logging":[],"object_lock_configuration":[],"replication_configuration":[],"server_side_encryption_configuration":[],"tags_all":{},"versioning":[],"website":[]},"identity_schema_version":0,"identity":{"account_id":null,"bucket":null,"region":null}},{"address":"aws_s3_bucket_public_access_block.site","mode":"managed","type":"aws_s3_bucket_public_access_block","name":"site","provider_name":"registry.terraform.io/hashicorp/aws","schema_version":0,"values":{"block_public_acls":true,"block_public_policy":true,"ignore_public_acls":true,"region":"us-east-1","restrict_public_buckets":true,"skip_destroy":null},"sensitive_values":{},"identity_schema_version":0,"identity":{"account_id":null,"bucket":null,"region":null}},{"address":"aws_s3_bucket_server_side_encryption_configuration.site","mode":"managed","type":"aws_s3_bucket_server_side_encryption_configuration","name":"site","provider_name":"registry.terraform.io/hashicorp/aws","schema_version":0,"values":{"expected_bucket_owner":null,"region":"us-east-1","rule":[{"apply_server_side_encryption_by_default":[{"kms_master_key_id":"","sse_algorithm":"AES256"}],"blocked_encryption_types":[],"bucket_key_enabled":null}]},"sensitive_values":{"rule":[{"apply_server_side_encryption_by_default":[{}],"blocked_encryption_types":[]}]},"identity_schema_version":0,"identity":{"account_id":null,"bucket":null,"expected_bucket_owner":null,"region":null}},{"address":"aws_s3_bucket_versioning.site","mode":"managed","type":"aws_s3_bucket_versioning","name":"site","provider_name":"registry.terraform.io/hashicorp/aws","schema_version":0,"values":{"expected_bucket_owner":null,"mfa":null,"region":"us-east-1","versioning_configuration":[{"status":"Enabled"}]},"sensitive_values":{"versioning_configuration":[{}]},"identity_schema_version":0,"identity":{"account_id":null,"bucket":null,"expected_bucket_owner":null,"region":null}}]}},"resource_changes":[{"address":"aws_s3_bucket.site","mode":"managed","type":"aws_s3_bucket","name":"site","provider_name":"registry.terraform.io/hashicorp/aws","change":{"actions":["create"],"before":null,"after":{"bucket":"btry-indi-000000000000-us-east-1","force_destroy":true,"region":"us-east-1","tags":null,"tags_all":{"Managed":"terraform","Project":"btry-indi"},"timeouts":null},"after_unknown":{"acceleration_status":true,"acl":true,"arn":true,"bucket_domain_name":true,"bucket_prefix":true,"bucket_region":true,"bucket_regional_domain_name":true,"cors_rule":true,"grant":true,"hosted_zone_id":true,"id":true,"lifecycle_rule":true,"logging":true,"object_lock_configuration":true,"object_lock_enabled":true,"policy":true,"replication_configuration":true,"request_payer":true,"server_side_encryption_configuration":true,"tags_all":{},"versioning":true,"website":true,"website_domain":true,"website_endpoint":true},"before_sensitive":false,"after_sensitive":{"cors_rule":[],"grant":[],"lifecycle_rule":[],"logging":[],"object_lock_configuration":[],"replication_configuration":[],"server_side_encryption_configuration":[],"tags_all":{},"versioning":[],"website":[]},"after_identity":{"account_id":null,"bucket":null,"region":null}}},{"address":"aws_s3_bucket_public_access_block.site","mode":"managed","type":"aws_s3_bucket_public_access_block","name":"site","provider_name":"registry.terraform.io/hashicorp/aws","change":{"actions":["create"],"before":null,"after":{"block_public_acls":true,"block_public_policy":true,"ignore_public_acls":true,"region":"us-east-1","restrict_public_buckets":true,"skip_destroy":null},"after_unknown":{"bucket":true,"id":true},"before_sensitive":false,"after_sensitive":{},"after_identity":{"account_id":null,"bucket":null,"region":null}}},{"address":"aws_s3_bucket_server_side_encryption_configuration.site","mode":"managed","type":"aws_s3_bucket_server_side_encryption_configuration","name":"site","provider_name":"registry.terraform.io/hashicorp/aws","change":{"actions":["create"],"before":null,"after":{"expected_bucket_owner":null,"region":"us-east-1","rule":[{"apply_server_side_encryption_by_default":[{"kms_master_key_id":"","sse_algorithm":"AES256"}],"blocked_encryption_types":[],"bucket_key_enabled":null}]},"after_unknown":{"bucket":true,"id":true,"rule":[{"apply_server_side_encryption_by_default":[{}],"blocked_encryption_types":[]}]},"before_sensitive":false,"after_sensitive":{"rule":[{"apply_server_side_encryption_by_default":[{}],"blocked_encryption_types":[]}]},"after_identity":{"account_id":null,"bucket":null,"expected_bucket_owner":null,"region":null}}},{"address":"aws_s3_bucket_versioning.site","mode":"managed","type":"aws_s3_bucket_versioning","name":"site","provider_name":"registry.terraform.io/hashicorp/aws","change":{"actions":["create"],"before":null,"after":{"expected_bucket_owner":null,"mfa":null,"region":"us-east-1","versioning_configuration":[{"status":"Enabled"}]},"after_unknown":{"bucket":true,"id":true,"versioning_configuration":[{"mfa_delete":true}]},"before_sensitive":false,"after_sensitive":{"versioning_configuration":[{}]},"after_identity":{"account_id":null,"bucket":null,"expected_bucket_owner":null,"region":null}}}],"output_changes":{"s3_bucket_arn":{"actions":["create"],"before":null,"after_unknown":true,"before_sensitive":false,"after_sensitive":false},"s3_bucket_name":{"actions":["create"],"before":null,"after":"btry-indi-000000000000-us-east-1","after_unknown":false,"before_sensitive":false,"after_sensitive":false}},"prior_state":{"format_version":"1.0","terraform_version":"1.13.5","values":{"outputs":{"s3_bucket_name":{"sensitive":false,"value":"btry-indi-000000000000-us-east-1","type":"string"}},"root_module":{"resources":[{"address":"data.aws_caller_identity.current","mode":"data","type":"aws_caller_identity","name":"current","provider_name":"registry.terraform.io/hashicorp/aws","schema_version":0,"values":{"account_id":"000000000000","arn":"arn:aws:iam::000000000000:root","id":"000000000000","user_id":"AKIAIOSFODNN7EXAMPLE"},"sensitive_values":{}}]}}},"configuration":{"provider_config":{"aws":{"name":"aws","full_name":"registry.terraform.io/hashicorp/aws","version_constraint":"\u003e= 5.0.0","expressions":{"default_tags":[{"tags":{"references":["var.app_name"]}}],"region":{"references":["var.aws_region"]}}}},"root_module":{"outputs":{"s3_bucket_arn":{"expression":{"references":["aws_s3_bucket.site.arn","aws_s3_bucket.site"]},"description":"ARN of the S3 bucket created for app artifacts/static assets."},"s3_bucket_name":{"expression":{"references":["aws_s3_bucket.site.bucket","aws_s3_bucket.site"]},"description":"Name of the S3 bucket created for app artifacts/static assets."}},"resources":[{"address":"aws_s3_bucket.site","mode":"managed","type":"aws_s3_bucket","name":"site","provider_config_key":"aws","expressions":{"bucket":{"references":["local.bucket_name"]},"force_destroy":{"references":["var.bucket_force_destroy"]}},"schema_version":0},{"address":"aws_s3_bucket_public_access_block.site","mode":"managed","type":"aws_s3_bucket_public_access_block","name":"site","provider_config_key":"aws","expressions":{"block_public_acls":{"constant_value":true},"block_public_policy":{"constant_value":true},"bucket":{"references":["aws_s3_bucket.site.id","aws_s3_bucket.site"]},"ignore_public_acls":{"constant_value":true},"restrict_public_buckets":{"constant_value":true}},"schema_version":0},{"address":"aws_s3_bucket_server_side_encryption_configuration.site","mode":"managed","type":"aws_s3_bucket_server_side_encryption_configuration","name":"site","provider_config_key":"aws","expressions":{"bucket":{"references":["aws_s3_bucket.site.id","aws_s3_bucket.site"]},"rule":[{"apply_server_side_encryption_by_default":[{"sse_algorithm":{"constant_value":"AES256"}}]}]},"schema_version":0},{"address":"aws_s3_bucket_versioning.site","mode":"managed","type":"aws_s3_bucket_versioning","name":"site","provider_config_key":"aws","expressions":{"bucket":{"references":["aws_s3_bucket.site.id","aws_s3_bucket.site"]},"versioning_configuration":[{"status":{"constant_value":"Enabled"}}]},"schema_version":0},{"address":"data.aws_caller_identity.current","mode":"data","type":"aws_caller_identity","name":"current","provider_config_key":"aws","schema_version":0}],"variables":{"app_name":{"default":"btry-indi","description":"Application name used for resource naming."},"aws_region":{"default":"us-east-1","description":"AWS region to deploy into."},"bucket_force_destroy":{"default":true,"description":"Whether to force-destroy the S3 bucket (dangerous in production)."}}}},"relevant_attributes":[{"resource":"data.aws_caller_identity.current","attribute":["account_id"]},{"resource":"aws_s3_bucket.site","attribute":["bucket"]},{"resource":"aws_s3_bucket.site","attribute":["arn"]},{"resource":"aws_s3_bucket.site","attribute":["id"]}],"timestamp":"2026-01-25T22:32:34Z","applyable":true,"complete":true,"errored":false}
