data.aws_availability_zones.available: Reading...
data.aws_iam_policy_document.ecs_task_assume: Reading...
data.aws_iam_policy_document.ecs_task_assume: Read complete after 0s [id=1077804475]
data.aws_availability_zones.available: Read complete after 0s [id=us-east-1]

Terraform used the selected providers to generate the following execution
plan. Resource actions are indicated with the following symbols:
  + create
 <= read (data resources)

Terraform will perform the following actions:

  # data.aws_iam_policy_document.ecs_task_inline will be read during apply
  # (config refers to values not yet known)
 <= data "aws_iam_policy_document" "ecs_task_inline" {
      + id            = (known after apply)
      + json          = (known after apply)
      + minified_json = (known after apply)

      + statement {
          + actions   = [
              + "secretsmanager:GetSecretValue",
            ]
          + effect    = "Allow"
          + resources = [
              + (known after apply),
              + (known after apply),
            ]
          + sid       = "ReadSecrets"
        }
    }

  # aws_cloudwatch_log_group.app will be created
  + resource "aws_cloudwatch_log_group" "app" {
      + arn               = (known after apply)
      + id                = (known after apply)
      + log_group_class   = (known after apply)
      + name              = "/ecs/url-shortener-dev"
      + name_prefix       = (known after apply)
      + retention_in_days = 30
      + skip_destroy      = false
      + tags_all          = {
          + "Environment" = "dev"
          + "ManagedBy"   = "terraform"
          + "Project"     = "url-shortener"
        }
    }

  # aws_db_instance.this will be created
  + resource "aws_db_instance" "this" {
      + address                               = (known after apply)
      + allocated_storage                     = 20
      + apply_immediately                     = true
      + arn                                   = (known after apply)
      + auto_minor_version_upgrade            = true
      + availability_zone                     = (known after apply)
      + backup_retention_period               = 7
      + backup_target                         = (known after apply)
      + backup_window                         = (known after apply)
      + ca_cert_identifier                    = (known after apply)
      + character_set_name                    = (known after apply)
      + copy_tags_to_snapshot                 = false
      + database_insights_mode                = (known after apply)
      + db_name                               = "urlshortener"
      + db_subnet_group_name                  = "url-shortener-dev-db-subnets"
      + dedicated_log_volume                  = false
      + delete_automated_backups              = true
      + deletion_protection                   = false
      + domain_fqdn                           = (known after apply)
      + endpoint                              = (known after apply)
      + engine                                = "postgres"
      + engine_lifecycle_support              = (known after apply)
      + engine_version                        = "16.3"
      + engine_version_actual                 = (known after apply)
      + hosted_zone_id                        = (known after apply)
      + id                                    = (known after apply)
      + identifier                            = "url-shortener-dev"
      + identifier_prefix                     = (known after apply)
      + instance_class                        = "db.t4g.micro"
      + iops                                  = (known after apply)
      + kms_key_id                            = (known after apply)
      + latest_restorable_time                = (known after apply)
      + license_model                         = (known after apply)
      + listener_endpoint                     = (known after apply)
      + maintenance_window                    = (known after apply)
      + master_user_secret                    = (known after apply)
      + master_user_secret_kms_key_id         = (known after apply)
      + monitoring_interval                   = 0
      + monitoring_role_arn                   = (known after apply)
      + multi_az                              = false
      + nchar_character_set_name              = (known after apply)
      + network_type                          = (known after apply)
      + option_group_name                     = (known after apply)
      + parameter_group_name                  = "url-shortener-dev-pg"
      + password                              = (sensitive value)
      + password_wo                           = (write-only attribute)
      + performance_insights_enabled          = false
      + performance_insights_kms_key_id       = (known after apply)
      + performance_insights_retention_period = (known after apply)
      + port                                  = (known after apply)
      + publicly_accessible                   = false
      + replica_mode                          = (known after apply)
      + replicas                              = (known after apply)
      + resource_id                           = (known after apply)
      + skip_final_snapshot                   = true
      + snapshot_identifier                   = (known after apply)
      + status                                = (known after apply)
      + storage_encrypted                     = true
      + storage_throughput                    = (known after apply)
      + storage_type                          = (known after apply)
      + tags_all                              = {
          + "Environment" = "dev"
          + "ManagedBy"   = "terraform"
          + "Project"     = "url-shortener"
        }
      + timezone                              = (known after apply)
      + username                              = "appuser"
      + vpc_security_group_ids                = (known after apply)
    }

  # aws_db_parameter_group.this will be created
  + resource "aws_db_parameter_group" "this" {
      + arn          = (known after apply)
      + description  = "Managed by Terraform"
      + family       = "postgres16"
      + id           = (known after apply)
      + name         = "url-shortener-dev-pg"
      + name_prefix  = (known after apply)
      + skip_destroy = false
      + tags_all     = {
          + "Environment" = "dev"
          + "ManagedBy"   = "terraform"
          + "Project"     = "url-shortener"
        }

      + parameter {
          + apply_method = "immediate"
          + name         = "log_min_duration_statement"
          + value        = "500"
        }
    }

  # aws_db_subnet_group.this will be created
  + resource "aws_db_subnet_group" "this" {
      + arn                     = (known after apply)
      + description             = "Managed by Terraform"
      + id                      = (known after apply)
      + name                    = "url-shortener-dev-db-subnets"
      + name_prefix             = (known after apply)
      + subnet_ids              = (known after apply)
      + supported_network_types = (known after apply)
      + tags                    = {
          + "Name" = "url-shortener-dev-db-subnets"
        }
      + tags_all                = {
          + "Environment" = "dev"
          + "ManagedBy"   = "terraform"
          + "Name"        = "url-shortener-dev-db-subnets"
          + "Project"     = "url-shortener"
        }
      + vpc_id                  = (known after apply)
    }

  # aws_ecr_repository.app will be created
  + resource "aws_ecr_repository" "app" {
      + arn                  = (known after apply)
      + id                   = (known after apply)
      + image_tag_mutability = "MUTABLE"
      + name                 = "url-shortener-dev"
      + registry_id          = (known after apply)
      + repository_url       = (known after apply)
      + tags_all             = {
          + "Environment" = "dev"
          + "ManagedBy"   = "terraform"
          + "Project"     = "url-shortener"
        }

      + encryption_configuration {
          + encryption_type = "AES256"
          + kms_key         = (known after apply)
        }

      + image_scanning_configuration {
          + scan_on_push = true
        }
    }

  # aws_ecs_cluster.this will be created
  + resource "aws_ecs_cluster" "this" {
      + arn      = (known after apply)
      + id       = (known after apply)
      + name     = "url-shortener-dev"
      + tags_all = {
          + "Environment" = "dev"
          + "ManagedBy"   = "terraform"
          + "Project"     = "url-shortener"
        }

      + setting (known after apply)
    }

  # aws_ecs_service.app will be created
  + resource "aws_ecs_service" "app" {
      + availability_zone_rebalancing      = "DISABLED"
      + cluster                            = (known after apply)
      + deployment_maximum_percent         = 200
      + deployment_minimum_healthy_percent = 100
      + desired_count                      = 1
      + enable_ecs_managed_tags            = false
      + enable_execute_command             = false
      + iam_role                           = (known after apply)
      + id                                 = (known after apply)
      + launch_type                        = "FARGATE"
      + name                               = "url-shortener-dev"
      + platform_version                   = (known after apply)
      + scheduling_strategy                = "REPLICA"
      + tags_all                           = {
          + "Environment" = "dev"
          + "ManagedBy"   = "terraform"
          + "Project"     = "url-shortener"
        }
      + task_definition                    = (known after apply)
      + triggers                           = (known after apply)
      + wait_for_steady_state              = false

      + load_balancer {
          + container_name   = "app"
          + container_port   = 5000
          + target_group_arn = (known after apply)
            # (1 unchanged attribute hidden)
        }

      + network_configuration {
          + assign_public_ip = false
          + security_groups  = (known after apply)
          + subnets          = (known after apply)
        }
    }

  # aws_ecs_task_definition.app will be created
  + resource "aws_ecs_task_definition" "app" {
      + arn                      = (known after apply)
      + arn_without_revision     = (known after apply)
      + container_definitions    = (sensitive value)
      + cpu                      = "256"
      + enable_fault_injection   = (known after apply)
      + execution_role_arn       = (known after apply)
      + family                   = "url-shortener-dev"
      + id                       = (known after apply)
      + memory                   = "512"
      + network_mode             = "awsvpc"
      + requires_compatibilities = [
          + "FARGATE",
        ]
      + revision                 = (known after apply)
      + skip_destroy             = false
      + tags_all                 = {
          + "Environment" = "dev"
          + "ManagedBy"   = "terraform"
          + "Project"     = "url-shortener"
        }
      + task_role_arn            = (known after apply)
      + track_latest             = false
    }

  # aws_eip.nat will be created
  + resource "aws_eip" "nat" {
      + allocation_id        = (known after apply)
      + arn                  = (known after apply)
      + association_id       = (known after apply)
      + carrier_ip           = (known after apply)
      + customer_owned_ip    = (known after apply)
      + domain               = "vpc"
      + id                   = (known after apply)
      + instance             = (known after apply)
      + ipam_pool_id         = (known after apply)
      + network_border_group = (known after apply)
      + network_interface    = (known after apply)
      + private_dns          = (known after apply)
      + private_ip           = (known after apply)
      + ptr_record           = (known after apply)
      + public_dns           = (known after apply)
      + public_ip            = (known after apply)
      + public_ipv4_pool     = (known after apply)
      + tags                 = {
          + "Name" = "url-shortener-dev-nat-eip"
        }
      + tags_all             = {
          + "Environment" = "dev"
          + "ManagedBy"   = "terraform"
          + "Name"        = "url-shortener-dev-nat-eip"
          + "Project"     = "url-shortener"
        }
      + vpc                  = (known after apply)
    }

  # aws_iam_role.ecs_task will be created
  + resource "aws_iam_role" "ecs_task" {
      + arn                   = (known after apply)
      + assume_role_policy    = jsonencode(
            {
              + Statement = [
                  + {
                      + Action    = "sts:AssumeRole"
                      + Effect    = "Allow"
                      + Principal = {
                          + Service = "ecs-tasks.amazonaws.com"
                        }
                    },
                ]
              + Version   = "2012-10-17"
            }
        )
      + create_date           = (known after apply)
      + force_detach_policies = false
      + id                    = (known after apply)
      + managed_policy_arns   = (known after apply)
      + max_session_duration  = 3600
      + name                  = "url-shortener-dev-ecs-task"
      + name_prefix           = (known after apply)
      + path                  = "/"
      + tags_all              = {
          + "Environment" = "dev"
          + "ManagedBy"   = "terraform"
          + "Project"     = "url-shortener"
        }
      + unique_id             = (known after apply)

      + inline_policy (known after apply)
    }

  # aws_iam_role.ecs_task_execution will be created
  + resource "aws_iam_role" "ecs_task_execution" {
      + arn                   = (known after apply)
      + assume_role_policy    = jsonencode(
            {
              + Statement = [
                  + {
                      + Action    = "sts:AssumeRole"
                      + Effect    = "Allow"
                      + Principal = {
                          + Service = "ecs-tasks.amazonaws.com"
                        }
                    },
                ]
              + Version   = "2012-10-17"
            }
        )
      + create_date           = (known after apply)
      + force_detach_policies = false
      + id                    = (known after apply)
      + managed_policy_arns   = (known after apply)
      + max_session_duration  = 3600
      + name                  = "url-shortener-dev-ecs-exec"
      + name_prefix           = (known after apply)
      + path                  = "/"
      + tags_all              = {
          + "Environment" = "dev"
          + "ManagedBy"   = "terraform"
          + "Project"     = "url-shortener"
        }
      + unique_id             = (known after apply)

      + inline_policy (known after apply)
    }

  # aws_iam_role_policy.ecs_task_inline will be created
  + resource "aws_iam_role_policy" "ecs_task_inline" {
      + id          = (known after apply)
      + name        = "url-shortener-dev-secrets"
      + name_prefix = (known after apply)
      + policy      = (known after apply)
      + role        = (known after apply)
    }

  # aws_iam_role_policy_attachment.ecs_exec will be created
  + resource "aws_iam_role_policy_attachment" "ecs_exec" {
      + id         = (known after apply)
      + policy_arn = "arn:aws:iam::aws:policy/service-role/AmazonECSTaskExecutionRolePolicy"
      + role       = "url-shortener-dev-ecs-exec"
    }

  # aws_internet_gateway.this will be created
  + resource "aws_internet_gateway" "this" {
      + arn      = (known after apply)
      + id       = (known after apply)
      + owner_id = (known after apply)
      + tags     = {
          + "Name" = "url-shortener-dev-igw"
        }
      + tags_all = {
          + "Environment" = "dev"
          + "ManagedBy"   = "terraform"
          + "Name"        = "url-shortener-dev-igw"
          + "Project"     = "url-shortener"
        }
      + vpc_id   = (known after apply)
    }

  # aws_lb.this will be created
  + resource "aws_lb" "this" {
      + arn                                                          = (known after apply)
      + arn_suffix                                                   = (known after apply)
      + client_keep_alive                                            = 3600
      + desync_mitigation_mode                                       = "defensive"
      + dns_name                                                     = (known after apply)
      + drop_invalid_header_fields                                   = false
      + enable_deletion_protection                                   = false
      + enable_http2                                                 = true
      + enable_tls_version_and_cipher_suite_headers                  = false
      + enable_waf_fail_open                                         = false
      + enable_xff_client_port                                       = false
      + enable_zonal_shift                                           = false
      + enforce_security_group_inbound_rules_on_private_link_traffic = (known after apply)
      + id                                                           = (known after apply)
      + idle_timeout                                                 = 60
      + internal                                                     = false
      + ip_address_type                                              = (known after apply)
      + load_balancer_type                                           = "application"
      + name                                                         = "url-shortener-dev"
      + name_prefix                                                  = (known after apply)
      + preserve_host_header                                         = false
      + security_groups                                              = (known after apply)
      + subnets                                                      = (known after apply)
      + tags_all                                                     = {
          + "Environment" = "dev"
          + "ManagedBy"   = "terraform"
          + "Project"     = "url-shortener"
        }
      + vpc_id                                                       = (known after apply)
      + xff_header_processing_mode                                   = "append"
      + zone_id                                                      = (known after apply)

      + subnet_mapping (known after apply)
    }

  # aws_lb_listener.http[0] will be created
  + resource "aws_lb_listener" "http" {
      + arn                                                                   = (known after apply)
      + id                                                                    = (known after apply)
      + load_balancer_arn                                                     = (known after apply)
      + port                                                                  = 80
      + protocol                                                              = "HTTP"
      + routing_http_request_x_amzn_mtls_clientcert_header_name               = (known after apply)
      + routing_http_request_x_amzn_mtls_clientcert_issuer_header_name        = (known after apply)
      + routing_http_request_x_amzn_mtls_clientcert_leaf_header_name          = (known after apply)
      + routing_http_request_x_amzn_mtls_clientcert_serial_number_header_name = (known after apply)
      + routing_http_request_x_amzn_mtls_clientcert_subject_header_name       = (known after apply)
      + routing_http_request_x_amzn_mtls_clientcert_validity_header_name      = (known after apply)
      + routing_http_request_x_amzn_tls_cipher_suite_header_name              = (known after apply)
      + routing_http_request_x_amzn_tls_version_header_name                   = (known after apply)
      + routing_http_response_access_control_allow_credentials_header_value   = (known after apply)
      + routing_http_response_access_control_allow_headers_header_value       = (known after apply)
      + routing_http_response_access_control_allow_methods_header_value       = (known after apply)
      + routing_http_response_access_control_allow_origin_header_value        = (known after apply)
      + routing_http_response_access_control_expose_headers_header_value      = (known after apply)
      + routing_http_response_access_control_max_age_header_value             = (known after apply)
      + routing_http_response_content_security_policy_header_value            = (known after apply)
      + routing_http_response_server_enabled                                  = (known after apply)
      + routing_http_response_strict_transport_security_header_value          = (known after apply)
      + routing_http_response_x_content_type_options_header_value             = (known after apply)
      + routing_http_response_x_frame_options_header_value                    = (known after apply)
      + ssl_policy                                                            = (known after apply)
      + tags_all                                                              = {
          + "Environment" = "dev"
          + "ManagedBy"   = "terraform"
          + "Project"     = "url-shortener"
        }
      + tcp_idle_timeout_seconds                                              = (known after apply)

      + default_action {
          + order = (known after apply)
          + type  = "forward"

          + forward {
              + target_group {
                  + arn    = (known after apply)
                  + weight = 1
                }
            }
        }

      + mutual_authentication (known after apply)
    }

  # aws_lb_target_group.app will be created
  + resource "aws_lb_target_group" "app" {
      + arn                                = (known after apply)
      + arn_suffix                         = (known after apply)
      + connection_termination             = (known after apply)
      + deregistration_delay               = "300"
      + id                                 = (known after apply)
      + ip_address_type                    = (known after apply)
      + lambda_multi_value_headers_enabled = false
      + load_balancer_arns                 = (known after apply)
      + load_balancing_algorithm_type      = (known after apply)
      + load_balancing_anomaly_mitigation  = (known after apply)
      + load_balancing_cross_zone_enabled  = (known after apply)
      + name                               = "url-shortener-dev-tg"
      + name_prefix                        = (known after apply)
      + port                               = 5000
      + preserve_client_ip                 = (known after apply)
      + protocol                           = "HTTP"
      + protocol_version                   = (known after apply)
      + proxy_protocol_v2                  = false
      + slow_start                         = 0
      + tags_all                           = {
          + "Environment" = "dev"
          + "ManagedBy"   = "terraform"
          + "Project"     = "url-shortener"
        }
      + target_type                        = "ip"
      + vpc_id                             = (known after apply)

      + health_check {
          + enabled             = true
          + healthy_threshold   = 2
          + interval            = 30
          + matcher             = "200-399"
          + path                = "/"
          + port                = "traffic-port"
          + protocol            = "HTTP"
          + timeout             = 5
          + unhealthy_threshold = 3
        }

      + stickiness (known after apply)

      + target_failover (known after apply)

      + target_group_health (known after apply)

      + target_health_state (known after apply)
    }

  # aws_nat_gateway.this will be created
  + resource "aws_nat_gateway" "this" {
      + allocation_id                      = (known after apply)
      + association_id                     = (known after apply)
      + connectivity_type                  = "public"
      + id                                 = (known after apply)
      + network_interface_id               = (known after apply)
      + private_ip                         = (known after apply)
      + public_ip                          = (known after apply)
      + secondary_private_ip_address_count = (known after apply)
      + secondary_private_ip_addresses     = (known after apply)
      + subnet_id                          = (known after apply)
      + tags                               = {
          + "Name" = "url-shortener-dev-nat"
        }
      + tags_all                           = {
          + "Environment" = "dev"
          + "ManagedBy"   = "terraform"
          + "Name"        = "url-shortener-dev-nat"
          + "Project"     = "url-shortener"
        }
    }

  # aws_route.private_default will be created
  + resource "aws_route" "private_default" {
      + destination_cidr_block = "0.0.0.0/0"
      + id                     = (known after apply)
      + instance_id            = (known after apply)
      + instance_owner_id      = (known after apply)
      + nat_gateway_id         = (known after apply)
      + network_interface_id   = (known after apply)
      + origin                 = (known after apply)
      + route_table_id         = (known after apply)
      + state                  = (known after apply)
    }

  # aws_route.public_default will be created
  + resource "aws_route" "public_default" {
      + destination_cidr_block = "0.0.0.0/0"
      + gateway_id             = (known after apply)
      + id                     = (known after apply)
      + instance_id            = (known after apply)
      + instance_owner_id      = (known after apply)
      + network_interface_id   = (known after apply)
      + origin                 = (known after apply)
      + route_table_id         = (known after apply)
      + state                  = (known after apply)
    }

  # aws_route_table.private will be created
  + resource "aws_route_table" "private" {
      + arn              = (known after apply)
      + id               = (known after apply)
      + owner_id         = (known after apply)
      + propagating_vgws = (known after apply)
      + route            = (known after apply)
      + tags             = {
          + "Name" = "url-shortener-dev-private-rt"
        }
      + tags_all         = {
          + "Environment" = "dev"
          + "ManagedBy"   = "terraform"
          + "Name"        = "url-shortener-dev-private-rt"
          + "Project"     = "url-shortener"
        }
      + vpc_id           = (known after apply)
    }

  # aws_route_table.public will be created
  + resource "aws_route_table" "public" {
      + arn              = (known after apply)
      + id               = (known after apply)
      + owner_id         = (known after apply)
      + propagating_vgws = (known after apply)
      + route            = (known after apply)
      + tags             = {
          + "Name" = "url-shortener-dev-public-rt"
        }
      + tags_all         = {
          + "Environment" = "dev"
          + "ManagedBy"   = "terraform"
          + "Name"        = "url-shortener-dev-public-rt"
          + "Project"     = "url-shortener"
        }
      + vpc_id           = (known after apply)
    }

  # aws_route_table_association.private_app[0] will be created
  + resource "aws_route_table_association" "private_app" {
      + id             = (known after apply)
      + route_table_id = (known after apply)
      + subnet_id      = (known after apply)
    }

  # aws_route_table_association.private_app[1] will be created
  + resource "aws_route_table_association" "private_app" {
      + id             = (known after apply)
      + route_table_id = (known after apply)
      + subnet_id      = (known after apply)
    }

  # aws_route_table_association.private_db[0] will be created
  + resource "aws_route_table_association" "private_db" {
      + id             = (known after apply)
      + route_table_id = (known after apply)
      + subnet_id      = (known after apply)
    }

  # aws_route_table_association.private_db[1] will be created
  + resource "aws_route_table_association" "private_db" {
      + id             = (known after apply)
      + route_table_id = (known after apply)
      + subnet_id      = (known after apply)
    }

  # aws_route_table_association.public[0] will be created
  + resource "aws_route_table_association" "public" {
      + id             = (known after apply)
      + route_table_id = (known after apply)
      + subnet_id      = (known after apply)
    }

  # aws_route_table_association.public[1] will be created
  + resource "aws_route_table_association" "public" {
      + id             = (known after apply)
      + route_table_id = (known after apply)
      + subnet_id      = (known after apply)
    }

  # aws_secretsmanager_secret.app will be created
  + resource "aws_secretsmanager_secret" "app" {
      + arn                            = (known after apply)
      + force_overwrite_replica_secret = false
      + id                             = (known after apply)
      + name                           = "url-shortener-dev/app"
      + name_prefix                    = (known after apply)
      + policy                         = (known after apply)
      + recovery_window_in_days        = 7
      + tags_all                       = {
          + "Environment" = "dev"
          + "ManagedBy"   = "terraform"
          + "Project"     = "url-shortener"
        }

      + replica (known after apply)
    }

  # aws_secretsmanager_secret.db will be created
  + resource "aws_secretsmanager_secret" "db" {
      + arn                            = (known after apply)
      + force_overwrite_replica_secret = false
      + id                             = (known after apply)
      + name                           = "url-shortener-dev/db"
      + name_prefix                    = (known after apply)
      + policy                         = (known after apply)
      + recovery_window_in_days        = 7
      + tags_all                       = {
          + "Environment" = "dev"
          + "ManagedBy"   = "terraform"
          + "Project"     = "url-shortener"
        }

      + replica (known after apply)
    }

  # aws_secretsmanager_secret_version.app will be created
  + resource "aws_secretsmanager_secret_version" "app" {
      + arn                  = (known after apply)
      + has_secret_string_wo = (known after apply)
      + id                   = (known after apply)
      + secret_id            = (known after apply)
      + secret_string        = (sensitive value)
      + secret_string_wo     = (write-only attribute)
      + version_id           = (known after apply)
      + version_stages       = (known after apply)
    }

  # aws_secretsmanager_secret_version.db will be created
  + resource "aws_secretsmanager_secret_version" "db" {
      + arn                  = (known after apply)
      + has_secret_string_wo = (known after apply)
      + id                   = (known after apply)
      + secret_id            = (known after apply)
      + secret_string        = (sensitive value)
      + secret_string_wo     = (write-only attribute)
      + version_id           = (known after apply)
      + version_stages       = (known after apply)
    }

  # aws_security_group.alb will be created
  + resource "aws_security_group" "alb" {
      + arn                    = (known after apply)
      + description            = "ALB security group"
      + egress                 = [
          + {
              + cidr_blocks      = [
                  + "0.0.0.0/0",
                ]
              + description      = "To targets"
              + from_port        = 0
              + ipv6_cidr_blocks = []
              + prefix_list_ids  = []
              + protocol         = "-1"
              + security_groups  = []
              + self             = false
              + to_port          = 0
            },
        ]
      + id                     = (known after apply)
      + ingress                = [
          + {
              + cidr_blocks      = [
                  + "0.0.0.0/0",
                ]
              + description      = "HTTP from internet (redirect to HTTPS)"
              + from_port        = 80
              + ipv6_cidr_blocks = []
              + prefix_list_ids  = []
              + protocol         = "tcp"
              + security_groups  = []
              + self             = false
              + to_port          = 80
            },
          + {
              + cidr_blocks      = [
                  + "0.0.0.0/0",
                ]
              + description      = "HTTPS from internet"
              + from_port        = 443
              + ipv6_cidr_blocks = []
              + prefix_list_ids  = []
              + protocol         = "tcp"
              + security_groups  = []
              + self             = false
              + to_port          = 443
            },
        ]
      + name                   = "url-shortener-dev-alb"
      + name_prefix            = (known after apply)
      + owner_id               = (known after apply)
      + revoke_rules_on_delete = false
      + tags_all               = {
          + "Environment" = "dev"
          + "ManagedBy"   = "terraform"
          + "Project"     = "url-shortener"
        }
      + vpc_id                 = (known after apply)
    }

  # aws_security_group.app will be created
  + resource "aws_security_group" "app" {
      + arn                    = (known after apply)
      + description            = "ECS tasks security group"
      + egress                 = [
          + {
              + cidr_blocks      = [
                  + "0.0.0.0/0",
                ]
              + description      = "All egress (NAT)"
              + from_port        = 0
              + ipv6_cidr_blocks = []
              + prefix_list_ids  = []
              + protocol         = "-1"
              + security_groups  = []
              + self             = false
              + to_port          = 0
            },
        ]
      + id                     = (known after apply)
      + ingress                = [
          + {
              + cidr_blocks      = []
              + description      = "From ALB"
              + from_port        = 5000
              + ipv6_cidr_blocks = []
              + prefix_list_ids  = []
              + protocol         = "tcp"
              + security_groups  = (known after apply)
              + self             = false
              + to_port          = 5000
            },
        ]
      + name                   = "url-shortener-dev-app"
      + name_prefix            = (known after apply)
      + owner_id               = (known after apply)
      + revoke_rules_on_delete = false
      + tags_all               = {
          + "Environment" = "dev"
          + "ManagedBy"   = "terraform"
          + "Project"     = "url-shortener"
        }
      + vpc_id                 = (known after apply)
    }

  # aws_security_group.db will be created
  + resource "aws_security_group" "db" {
      + arn                    = (known after apply)
      + description            = "RDS security group"
      + egress                 = [
          + {
              + cidr_blocks      = [
                  + "0.0.0.0/0",
                ]
              + description      = "All egress"
              + from_port        = 0
              + ipv6_cidr_blocks = []
              + prefix_list_ids  = []
              + protocol         = "-1"
              + security_groups  = []
              + self             = false
              + to_port          = 0
            },
        ]
      + id                     = (known after apply)
      + ingress                = [
          + {
              + cidr_blocks      = []
              + description      = "Postgres from app"
              + from_port        = 5432
              + ipv6_cidr_blocks = []
              + prefix_list_ids  = []
              + protocol         = "tcp"
              + security_groups  = (known after apply)
              + self             = false
              + to_port          = 5432
            },
        ]
      + name                   = "url-shortener-dev-db"
      + name_prefix            = (known after apply)
      + owner_id               = (known after apply)
      + revoke_rules_on_delete = false
      + tags_all               = {
          + "Environment" = "dev"
          + "ManagedBy"   = "terraform"
          + "Project"     = "url-shortener"
        }
      + vpc_id                 = (known after apply)
    }

  # aws_subnet.private_app[0] will be created
  + resource "aws_subnet" "private_app" {
      + arn                                            = (known after apply)
      + assign_ipv6_address_on_creation                = false
      + availability_zone                              = "us-east-1a"
      + availability_zone_id                           = (known after apply)
      + cidr_block                                     = "10.0.10.0/24"
      + enable_dns64                                   = false
      + enable_resource_name_dns_a_record_on_launch    = false
      + enable_resource_name_dns_aaaa_record_on_launch = false
      + id                                             = (known after apply)
      + ipv6_cidr_block_association_id                 = (known after apply)
      + ipv6_native                                    = false
      + map_public_ip_on_launch                        = false
      + owner_id                                       = (known after apply)
      + private_dns_hostname_type_on_launch            = (known after apply)
      + tags                                           = {
          + "Name" = "url-shortener-dev-private-app-us-east-1a"
          + "Tier" = "private-app"
        }
      + tags_all                                       = {
          + "Environment" = "dev"
          + "ManagedBy"   = "terraform"
          + "Name"        = "url-shortener-dev-private-app-us-east-1a"
          + "Project"     = "url-shortener"
          + "Tier"        = "private-app"
        }
      + vpc_id                                         = (known after apply)
    }

  # aws_subnet.private_app[1] will be created
  + resource "aws_subnet" "private_app" {
      + arn                                            = (known after apply)
      + assign_ipv6_address_on_creation                = false
      + availability_zone                              = "us-east-1b"
      + availability_zone_id                           = (known after apply)
      + cidr_block                                     = "10.0.11.0/24"
      + enable_dns64                                   = false
      + enable_resource_name_dns_a_record_on_launch    = false
      + enable_resource_name_dns_aaaa_record_on_launch = false
      + id                                             = (known after apply)
      + ipv6_cidr_block_association_id                 = (known after apply)
      + ipv6_native                                    = false
      + map_public_ip_on_launch                        = false
      + owner_id                                       = (known after apply)
      + private_dns_hostname_type_on_launch            = (known after apply)
      + tags                                           = {
          + "Name" = "url-shortener-dev-private-app-us-east-1b"
          + "Tier" = "private-app"
        }
      + tags_all                                       = {
          + "Environment" = "dev"
          + "ManagedBy"   = "terraform"
          + "Name"        = "url-shortener-dev-private-app-us-east-1b"
          + "Project"     = "url-shortener"
          + "Tier"        = "private-app"
        }
      + vpc_id                                         = (known after apply)
    }

  # aws_subnet.private_db[0] will be created
  + resource "aws_subnet" "private_db" {
      + arn                                            = (known after apply)
      + assign_ipv6_address_on_creation                = false
      + availability_zone                              = "us-east-1a"
      + availability_zone_id                           = (known after apply)
      + cidr_block                                     = "10.0.20.0/24"
      + enable_dns64                                   = false
      + enable_resource_name_dns_a_record_on_launch    = false
      + enable_resource_name_dns_aaaa_record_on_launch = false
      + id                                             = (known after apply)
      + ipv6_cidr_block_association_id                 = (known after apply)
      + ipv6_native                                    = false
      + map_public_ip_on_launch                        = false
      + owner_id                                       = (known after apply)
      + private_dns_hostname_type_on_launch            = (known after apply)
      + tags                                           = {
          + "Name" = "url-shortener-dev-private-db-us-east-1a"
          + "Tier" = "private-db"
        }
      + tags_all                                       = {
          + "Environment" = "dev"
          + "ManagedBy"   = "terraform"
          + "Name"        = "url-shortener-dev-private-db-us-east-1a"
          + "Project"     = "url-shortener"
          + "Tier"        = "private-db"
        }
      + vpc_id                                         = (known after apply)
    }

  # aws_subnet.private_db[1] will be created
  + resource "aws_subnet" "private_db" {
      + arn                                            = (known after apply)
      + assign_ipv6_address_on_creation                = false
      + availability_zone                              = "us-east-1b"
      + availability_zone_id                           = (known after apply)
      + cidr_block                                     = "10.0.21.0/24"
      + enable_dns64                                   = false
      + enable_resource_name_dns_a_record_on_launch    = false
      + enable_resource_name_dns_aaaa_record_on_launch = false
      + id                                             = (known after apply)
      + ipv6_cidr_block_association_id                 = (known after apply)
      + ipv6_native                                    = false
      + map_public_ip_on_launch                        = false
      + owner_id                                       = (known after apply)
      + private_dns_hostname_type_on_launch            = (known after apply)
      + tags                                           = {
          + "Name" = "url-shortener-dev-private-db-us-east-1b"
          + "Tier" = "private-db"
        }
      + tags_all                                       = {
          + "Environment" = "dev"
          + "ManagedBy"   = "terraform"
          + "Name"        = "url-shortener-dev-private-db-us-east-1b"
          + "Project"     = "url-shortener"
          + "Tier"        = "private-db"
        }
      + vpc_id                                         = (known after apply)
    }

  # aws_subnet.public[0] will be created
  + resource "aws_subnet" "public" {
      + arn                                            = (known after apply)
      + assign_ipv6_address_on_creation                = false
      + availability_zone                              = "us-east-1a"
      + availability_zone_id                           = (known after apply)
      + cidr_block                                     = "10.0.0.0/24"
      + enable_dns64                                   = false
      + enable_resource_name_dns_a_record_on_launch    = false
      + enable_resource_name_dns_aaaa_record_on_launch = false
      + id                                             = (known after apply)
      + ipv6_cidr_block_association_id                 = (known after apply)
      + ipv6_native                                    = false
      + map_public_ip_on_launch                        = true
      + owner_id                                       = (known after apply)
      + private_dns_hostname_type_on_launch            = (known after apply)
      + tags                                           = {
          + "Name" = "url-shortener-dev-public-us-east-1a"
          + "Tier" = "public"
        }
      + tags_all                                       = {
          + "Environment" = "dev"
          + "ManagedBy"   = "terraform"
          + "Name"        = "url-shortener-dev-public-us-east-1a"
          + "Project"     = "url-shortener"
          + "Tier"        = "public"
        }
      + vpc_id                                         = (known after apply)
    }

  # aws_subnet.public[1] will be created
  + resource "aws_subnet" "public" {
      + arn                                            = (known after apply)
      + assign_ipv6_address_on_creation                = false
      + availability_zone                              = "us-east-1b"
      + availability_zone_id                           = (known after apply)
      + cidr_block                                     = "10.0.1.0/24"
      + enable_dns64                                   = false
      + enable_resource_name_dns_a_record_on_launch    = false
      + enable_resource_name_dns_aaaa_record_on_launch = false
      + id                                             = (known after apply)
      + ipv6_cidr_block_association_id                 = (known after apply)
      + ipv6_native                                    = false
      + map_public_ip_on_launch                        = true
      + owner_id                                       = (known after apply)
      + private_dns_hostname_type_on_launch            = (known after apply)
      + tags                                           = {
          + "Name" = "url-shortener-dev-public-us-east-1b"
          + "Tier" = "public"
        }
      + tags_all                                       = {
          + "Environment" = "dev"
          + "ManagedBy"   = "terraform"
          + "Name"        = "url-shortener-dev-public-us-east-1b"
          + "Project"     = "url-shortener"
          + "Tier"        = "public"
        }
      + vpc_id                                         = (known after apply)
    }

  # aws_vpc.this will be created
  + resource "aws_vpc" "this" {
      + arn                                  = (known after apply)
      + cidr_block                           = "10.0.0.0/16"
      + default_network_acl_id               = (known after apply)
      + default_route_table_id               = (known after apply)
      + default_security_group_id            = (known after apply)
      + dhcp_options_id                      = (known after apply)
      + enable_dns_hostnames                 = true
      + enable_dns_support                   = true
      + enable_network_address_usage_metrics = (known after apply)
      + id                                   = (known after apply)
      + instance_tenancy                     = "default"
      + ipv6_association_id                  = (known after apply)
      + ipv6_cidr_block                      = (known after apply)
      + ipv6_cidr_block_network_border_group = (known after apply)
      + main_route_table_id                  = (known after apply)
      + owner_id                             = (known after apply)
      + tags                                 = {
          + "Name" = "url-shortener-dev"
        }
      + tags_all                             = {
          + "Environment" = "dev"
          + "ManagedBy"   = "terraform"
          + "Name"        = "url-shortener-dev"
          + "Project"     = "url-shortener"
        }
    }

  # random_password.db will be created
  + resource "random_password" "db" {
      + bcrypt_hash = (sensitive value)
      + id          = (known after apply)
      + length      = 24
      + lower       = true
      + min_lower   = 0
      + min_numeric = 0
      + min_special = 0
      + min_upper   = 0
      + number      = true
      + numeric     = true
      + result      = (sensitive value)
      + special     = true
      + upper       = true
    }

  # random_password.secret_key will be created
  + resource "random_password" "secret_key" {
      + bcrypt_hash = (sensitive value)
      + id          = (known after apply)
      + length      = 48
      + lower       = true
      + min_lower   = 0
      + min_numeric = 0
      + min_special = 0
      + min_upper   = 0
      + number      = true
      + numeric     = true
      + result      = (sensitive value)
      + special     = true
      + upper       = true
    }

Plan: 44 to add, 0 to change, 0 to destroy.

Changes to Outputs:
  + alb_dns_name                   = (known after apply)
  + app_url                        = (known after apply)
  + ecr_repository_url             = (known after apply)
  + rds_endpoint                   = (known after apply)
  + secrets_manager_app_secret_arn = (known after apply)
  + secrets_manager_db_secret_arn  = (known after apply)
random_password.db: Creating...
random_password.secret_key: Creating...
random_password.db: Creation complete after 0s [id=none]
random_password.secret_key: Creation complete after 0s [id=none]
aws_secretsmanager_secret.app: Creating...
aws_cloudwatch_log_group.app: Creating...
aws_ecr_repository.app: Creating...
aws_vpc.this: Creating...
aws_iam_role.ecs_task_execution: Creating...
aws_iam_role.ecs_task: Creating...
aws_ecs_cluster.this: Creating...
aws_eip.nat: Creating...
aws_secretsmanager_secret.db: Creating...
aws_db_parameter_group.this: Creating...
aws_eip.nat: Creation complete after 0s [id=eipalloc-4f7183b2ef88df8d1]
aws_secretsmanager_secret.app: Creation complete after 0s [id=arn:aws:secretsmanager:us-east-1:000000000000:secret:url-shortener-dev/app-ZmGyaN]
aws_secretsmanager_secret.db: Creation complete after 0s [id=arn:aws:secretsmanager:us-east-1:000000000000:secret:url-shortener-dev/db-ipJvWP]
aws_secretsmanager_secret_version.db: Creating...
aws_secretsmanager_secret_version.app: Creating...
data.aws_iam_policy_document.ecs_task_inline: Reading...
data.aws_iam_policy_document.ecs_task_inline: Read complete after 0s [id=2886669524]
aws_secretsmanager_secret_version.db: Creation complete after 0s [id=arn:aws:secretsmanager:us-east-1:000000000000:secret:url-shortener-dev/db-ipJvWP|terraform-20260126212216479200000004]
aws_secretsmanager_secret_version.app: Creation complete after 0s [id=arn:aws:secretsmanager:us-east-1:000000000000:secret:url-shortener-dev/app-ZmGyaN|terraform-20260126212216479000000003]
aws_db_parameter_group.this: Creation complete after 1s [id=url-shortener-dev-pg]
aws_iam_role.ecs_task_execution: Creation complete after 1s [id=url-shortener-dev-ecs-exec]
aws_iam_role.ecs_task: Creation complete after 1s [id=url-shortener-dev-ecs-task]
aws_iam_role_policy_attachment.ecs_exec: Creating...
aws_iam_role_policy.ecs_task_inline: Creating...
aws_iam_role_policy_attachment.ecs_exec: Creation complete after 0s [id=url-shortener-dev-ecs-exec-20260126212217474800000005]
aws_iam_role_policy.ecs_task_inline: Creation complete after 0s [id=url-shortener-dev-ecs-task:url-shortener-dev-secrets]
aws_cloudwatch_log_group.app: Creation complete after 2s [id=/ecs/url-shortener-dev]
aws_ecr_repository.app: Creation complete after 3s [id=url-shortener-dev]
aws_vpc.this: Still creating... [00m10s elapsed]
aws_ecs_cluster.this: Still creating... [00m10s elapsed]
aws_vpc.this: Creation complete after 10s [id=vpc-00d31e2c678b65cbc]
aws_subnet.private_app[0]: Creating...
aws_route_table.public: Creating...
aws_internet_gateway.this: Creating...
aws_subnet.private_app[1]: Creating...
aws_subnet.public[1]: Creating...
aws_route_table.private: Creating...
aws_lb_target_group.app: Creating...
aws_subnet.public[0]: Creating...
aws_security_group.alb: Creating...
aws_subnet.private_app[1]: Creation complete after 0s [id=subnet-2f64d99fac1c51ace]
aws_subnet.private_db[0]: Creating...
aws_internet_gateway.this: Creation complete after 0s [id=igw-92a3727993756f610]
aws_subnet.private_app[0]: Creation complete after 0s [id=subnet-6b8d53922540efe20]
aws_subnet.private_db[1]: Creating...
aws_subnet.private_db[0]: Creation complete after 0s [id=subnet-7b72ae998fbf5e2e6]
aws_subnet.private_db[1]: Creation complete after 0s [id=subnet-f35fef2bde31660b0]
aws_db_subnet_group.this: Creating...
aws_route_table.public: Creation complete after 1s [id=rtb-c416ae823fce38302]
aws_route_table.private: Creation complete after 1s [id=rtb-3dd4e125097e15eb3]
aws_route_table_association.private_app[0]: Creating...
aws_route_table_association.private_app[1]: Creating...
aws_route_table_association.private_db[1]: Creating...
aws_route.public_default: Creating...
aws_route_table_association.private_app[0]: Creation complete after 0s [id=rtbassoc-c86d4851e6c7430fc]
aws_route_table_association.private_db[0]: Creating...
aws_route_table_association.private_app[1]: Creation complete after 0s [id=rtbassoc-009eefccc51ef68a4]
aws_route_table_association.private_db[1]: Creation complete after 0s [id=rtbassoc-4146bff49b91490cf]
aws_route_table_association.private_db[0]: Creation complete after 0s [id=rtbassoc-2933a2c3134a9c356]
aws_db_subnet_group.this: Creation complete after 1s [id=url-shortener-dev-db-subnets]
aws_security_group.alb: Creation complete after 1s [id=sg-cbdedcd2a8aff74b5]
aws_lb_target_group.app: Creation complete after 1s [id=arn:aws:elasticloadbalancing:us-east-1:000000000000:targetgroup/url-shortener-dev-tg/d35610130fef6723]
aws_security_group.app: Creating...
aws_route.public_default: Creation complete after 0s [id=r-rtb-c416ae823fce383021080289494]
aws_security_group.app: Creation complete after 0s [id=sg-028f944fbee441a79]
aws_security_group.db: Creating...
aws_security_group.db: Creation complete after 0s [id=sg-ea090f2345d97cc08]
aws_db_instance.this: Creating...
aws_ecs_cluster.this: Creation complete after 11s [id=arn:aws:ecs:us-east-1:000000000000:cluster/url-shortener-dev]
aws_subnet.public[0]: Still creating... [00m10s elapsed]
aws_subnet.public[1]: Still creating... [00m10s elapsed]
aws_subnet.public[0]: Creation complete after 10s [id=subnet-aa9c7722edc6aa134]
aws_subnet.public[1]: Creation complete after 10s [id=subnet-670defc36f5f3a8c3]
aws_route_table_association.public[0]: Creating...
aws_route_table_association.public[1]: Creating...
aws_nat_gateway.this: Creating...
aws_lb.this: Creating...
aws_route_table_association.public[0]: Creation complete after 1s [id=rtbassoc-d453ac41d9783a744]
aws_route_table_association.public[1]: Creation complete after 1s [id=rtbassoc-4d8572853f391b486]
aws_nat_gateway.this: Creation complete after 1s [id=nat-634759c982e576aa4]
aws_route.private_default: Creating...
aws_route.private_default: Creation complete after 0s [id=r-rtb-3dd4e125097e15eb31080289494]
aws_db_instance.this: Still creating... [00m10s elapsed]
aws_lb.this: Still creating... [00m10s elapsed]
aws_db_instance.this: Still creating... [00m20s elapsed]
aws_lb.this: Still creating... [00m20s elapsed]
aws_db_instance.this: Still creating... [00m30s elapsed]
aws_lb.this: Still creating... [00m30s elapsed]
aws_db_instance.this: Still creating... [00m40s elapsed]
aws_lb.this: Still creating... [00m40s elapsed]
aws_db_instance.this: Still creating... [00m50s elapsed]
aws_lb.this: Still creating... [00m50s elapsed]
aws_db_instance.this: Still creating... [01m00s elapsed]
aws_lb.this: Still creating... [01m00s elapsed]
aws_lb.this: Creation complete after 1m1s [id=arn:aws:elasticloadbalancing:us-east-1:000000000000:loadbalancer/app/url-shortener-dev/b48a0e4d70a101db]
aws_lb_listener.http[0]: Creating...
aws_lb_listener.http[0]: Creation complete after 0s [id=arn:aws:elasticloadbalancing:us-east-1:000000000000:listener/app/url-shortener-dev/b48a0e4d70a101db/a3d4a7cbb4e71f73]
aws_db_instance.this: Still creating... [01m10s elapsed]
aws_db_instance.this: Still creating... [01m20s elapsed]
aws_db_instance.this: Creation complete after 1m27s [id=db-6FC9759E]
aws_ecs_task_definition.app: Creating...
aws_ecs_task_definition.app: Creation complete after 0s [id=url-shortener-dev]
aws_ecs_service.app: Creating...
aws_ecs_service.app: Still creating... [00m10s elapsed]
aws_ecs_service.app: Still creating... [00m20s elapsed]
aws_ecs_service.app: Creation complete after 21s [id=arn:aws:ecs:us-east-1:000000000000:service/url-shortener-dev/url-shortener-dev]

Apply complete! Resources: 44 added, 0 changed, 0 destroyed.

Outputs:

alb_dns_name = "url-shortener-dev.elb.localhost.localstack.cloud"
app_url = "https://url-shortener-dev.elb.localhost.localstack.cloud"
ecr_repository_url = "000000000000.dkr.ecr.us-east-1.localhost.localstack.cloud:4566/url-shortener-dev"
rds_endpoint = "localhost.localstack.cloud"
secrets_manager_app_secret_arn = "arn:aws:secretsmanager:us-east-1:000000000000:secret:url-shortener-dev/app-ZmGyaN"
secrets_manager_db_secret_arn = "arn:aws:secretsmanager:us-east-1:000000000000:secret:url-shortener-dev/db-ipJvWP"
