{"format_version":"1.2","terraform_version":"1.13.5","variables":{"acm_certificate_arn":{"value":""},"aws_region":{"value":"us-east-1"},"az_count":{"value":2},"container_port":{"value":5000},"cpu":{"value":256},"db_allocated_storage":{"value":20},"db_backup_retention_days":{"value":7},"db_deletion_protection":{"value":false},"db_engine_version":{"value":"16.3"},"db_instance_class":{"value":"db.t4g.micro"},"db_multi_az":{"value":false},"db_name":{"value":"urlshortener"},"db_skip_final_snapshot":{"value":true},"db_username":{"value":"appuser"},"desired_count":{"value":1},"domain_name":{"value":""},"enable_http_redirect":{"value":true},"environment":{"value":"dev"},"health_check_path":{"value":"/"},"hosted_zone_id":{"value":""},"image_uri":{"value":""},"memory":{"value":512},"project_name":{"value":"url-shortener"},"vpc_cidr":{"value":"10.0.0.0/16"}},"planned_values":{"outputs":{"alb_dns_name":{"sensitive":false},"app_url":{"sensitive":false},"ecr_repository_url":{"sensitive":false},"rds_endpoint":{"sensitive":false},"secrets_manager_app_secret_arn":{"sensitive":false},"secrets_manager_db_secret_arn":{"sensitive":false}},"root_module":{"resources":[{"address":"aws_cloudwatch_log_group.app","mode":"managed","type":"aws_cloudwatch_log_group","name":"app","provider_name":"registry.terraform.io/hashicorp/aws","schema_version":0,"values":{"kms_key_id":null,"name":"/ecs/url-shortener-dev","retention_in_days":30,"skip_destroy":false,"tags":null,"tags_all":{"Environment":"dev","ManagedBy":"terraform","Project":"url-shortener"}},"sensitive_values":{"tags_all":{}}},{"address":"aws_db_instance.this","mode":"managed","type":"aws_db_instance","name":"this","provider_name":"registry.terraform.io/hashicorp/aws","schema_version":2,"values":{"allocated_storage":20,"allow_major_version_upgrade":null,"apply_immediately":true,"auto_minor_version_upgrade":true,"backup_retention_period":7,"blue_green_update":[],"copy_tags_to_snapshot":false,"custom_iam_instance_profile":null,"customer_owned_ip_enabled":null,"db_name":"urlshortener","db_subnet_group_name":"url-shortener-dev-db-subnets","dedicated_log_volume":false,"delete_automated_backups":true,"deletion_protection":false,"domain":null,"domain_auth_secret_arn":null,"domain_dns_ips":null,"domain_iam_role_name":null,"domain_ou":null,"enabled_cloudwatch_logs_exports":null,"engine":"postgres","engine_version":"16.3","final_snapshot_identifier":null,"iam_database_authentication_enabled":null,"identifier":"url-shortener-dev","instance_class":"db.t4g.micro","manage_master_user_password":null,"max_allocated_storage":null,"monitoring_interval":0,"multi_az":false,"parameter_group_name":"url-shortener-dev-pg","password_wo":null,"password_wo_version":null,"performance_insights_enabled":false,"publicly_accessible":false,"replicate_source_db":null,"restore_to_point_in_time":[],"s3_import":[],"skip_final_snapshot":true,"storage_encrypted":true,"tags":null,"tags_all":{"Environment":"dev","ManagedBy":"terraform","Project":"url-shortener"},"timeouts":null,"upgrade_storage_config":null,"username":"appuser"},"sensitive_values":{"blue_green_update":[],"listener_endpoint":[],"master_user_secret":[],"password":true,"password_wo":true,"replicas":[],"restore_to_point_in_time":[],"s3_import":[],"tags_all":{},"vpc_security_group_ids":[]}},{"address":"aws_db_parameter_group.this","mode":"managed","type":"aws_db_parameter_group","name":"this","provider_name":"registry.terraform.io/hashicorp/aws","schema_version":0,"values":{"description":"Managed by Terraform","family":"postgres16","name":"url-shortener-dev-pg","parameter":[{"apply_method":"immediate","name":"log_min_duration_statement","value":"500"}],"skip_destroy":false,"tags":null,"tags_all":{"Environment":"dev","ManagedBy":"terraform","Project":"url-shortener"}},"sensitive_values":{"parameter":[{}],"tags_all":{}}},{"address":"aws_db_subnet_group.this","mode":"managed","type":"aws_db_subnet_group","name":"this","provider_name":"registry.terraform.io/hashicorp/aws","schema_version":0,"values":{"description":"Managed by Terraform","name":"url-shortener-dev-db-subnets","tags":{"Name":"url-shortener-dev-db-subnets"},"tags_all":{"Environment":"dev","ManagedBy":"terraform","Name":"url-shortener-dev-db-subnets","Project":"url-shortener"}},"sensitive_values":{"subnet_ids":[],"supported_network_types":[],"tags":{},"tags_all":{}}},{"address":"aws_ecr_repository.app","mode":"managed","type":"aws_ecr_repository","name":"app","provider_name":"registry.terraform.io/hashicorp/aws","schema_version":0,"values":{"encryption_configuration":[{"encryption_type":"AES256"}],"force_delete":null,"image_scanning_configuration":[{"scan_on_push":true}],"image_tag_mutability":"MUTABLE","name":"url-shortener-dev","tags":null,"tags_all":{"Environment":"dev","ManagedBy":"terraform","Project":"url-shortener"},"timeouts":null},"sensitive_values":{"encryption_configuration":[{}],"image_scanning_configuration":[{}],"tags_all":{}}},{"address":"aws_ecs_cluster.this","mode":"managed","type":"aws_ecs_cluster","name":"this","provider_name":"registry.terraform.io/hashicorp/aws","schema_version":0,"values":{"configuration":[],"name":"url-shortener-dev","service_connect_defaults":[],"tags":null,"tags_all":{"Environment":"dev","ManagedBy":"terraform","Project":"url-shortener"}},"sensitive_values":{"configuration":[],"service_connect_defaults":[],"setting":[],"tags_all":{}}},{"address":"aws_ecs_service.app","mode":"managed","type":"aws_ecs_service","name":"app","provider_name":"registry.terraform.io/hashicorp/aws","schema_version":1,"values":{"alarms":[],"availability_zone_rebalancing":"DISABLED","capacity_provider_strategy":[],"deployment_circuit_breaker":[],"deployment_controller":[],"deployment_maximum_percent":200,"deployment_minimum_healthy_percent":100,"desired_count":1,"enable_ecs_managed_tags":false,"enable_execute_command":false,"force_delete":null,"force_new_deployment":null,"health_check_grace_period_seconds":null,"launch_type":"FARGATE","load_balancer":[{"container_name":"app","container_port":5000,"elb_name":""}],"name":"url-shortener-dev","network_configuration":[{"assign_public_ip":false}],"ordered_placement_strategy":[],"placement_constraints":[],"propagate_tags":null,"scheduling_strategy":"REPLICA","service_connect_configuration":[],"service_registries":[],"tags":null,"tags_all":{"Environment":"dev","ManagedBy":"terraform","Project":"url-shortener"},"timeouts":null,"volume_configuration":[],"vpc_lattice_configurations":[],"wait_for_steady_state":false},"sensitive_values":{"alarms":[],"capacity_provider_strategy":[],"deployment_circuit_breaker":[],"deployment_controller":[],"load_balancer":[{}],"network_configuration":[{"security_groups":[],"subnets":[]}],"ordered_placement_strategy":[],"placement_constraints":[],"service_connect_configuration":[],"service_registries":[],"tags_all":{},"triggers":{},"volume_configuration":[],"vpc_lattice_configurations":[]}},{"address":"aws_ecs_task_definition.app","mode":"managed","type":"aws_ecs_task_definition","name":"app","provider_name":"registry.terraform.io/hashicorp/aws","schema_version":1,"values":{"cpu":"256","ephemeral_storage":[],"family":"url-shortener-dev","inference_accelerator":[],"ipc_mode":null,"memory":"512","network_mode":"awsvpc","pid_mode":null,"placement_constraints":[],"proxy_configuration":[],"requires_compatibilities":["FARGATE"],"runtime_platform":[],"skip_destroy":false,"tags":null,"tags_all":{"Environment":"dev","ManagedBy":"terraform","Project":"url-shortener"},"track_latest":false,"volume":[]},"sensitive_values":{"container_definitions":true,"ephemeral_storage":[],"inference_accelerator":[],"placement_constraints":[],"proxy_configuration":[],"requires_compatibilities":[false],"runtime_platform":[],"tags_all":{},"volume":[]}},{"address":"aws_eip.nat","mode":"managed","type":"aws_eip","name":"nat","provider_name":"registry.terraform.io/hashicorp/aws","schema_version":0,"values":{"address":null,"associate_with_private_ip":null,"customer_owned_ipv4_pool":null,"domain":"vpc","tags":{"Name":"url-shortener-dev-nat-eip"},"tags_all":{"Environment":"dev","ManagedBy":"terraform","Name":"url-shortener-dev-nat-eip","Project":"url-shortener"},"timeouts":null},"sensitive_values":{"tags":{},"tags_all":{}}},{"address":"aws_iam_role.ecs_task","mode":"managed","type":"aws_iam_role","name":"ecs_task","provider_name":"registry.terraform.io/hashicorp/aws","schema_version":0,"values":{"assume_role_policy":"{\"Statement\":[{\"Action\":\"sts:AssumeRole\",\"Effect\":\"Allow\",\"Principal\":{\"Service\":\"ecs-tasks.amazonaws.com\"}}],\"Version\":\"2012-10-17\"}","description":null,"force_detach_policies":false,"max_session_duration":3600,"name":"url-shortener-dev-ecs-task","path":"/","permissions_boundary":null,"tags":null,"tags_all":{"Environment":"dev","ManagedBy":"terraform","Project":"url-shortener"}},"sensitive_values":{"inline_policy":[],"managed_policy_arns":[],"tags_all":{}}},{"address":"aws_iam_role.ecs_task_execution","mode":"managed","type":"aws_iam_role","name":"ecs_task_execution","provider_name":"registry.terraform.io/hashicorp/aws","schema_version":0,"values":{"assume_role_policy":"{\"Statement\":[{\"Action\":\"sts:AssumeRole\",\"Effect\":\"Allow\",\"Principal\":{\"Service\":\"ecs-tasks.amazonaws.com\"}}],\"Version\":\"2012-10-17\"}","description":null,"force_detach_policies":false,"max_session_duration":3600,"name":"url-shortener-dev-ecs-exec","path":"/","permissions_boundary":null,"tags":null,"tags_all":{"Environment":"dev","ManagedBy":"terraform","Project":"url-shortener"}},"sensitive_values":{"inline_policy":[],"managed_policy_arns":[],"tags_all":{}}},{"address":"aws_iam_role_policy.ecs_task_inline","mode":"managed","type":"aws_iam_role_policy","name":"ecs_task_inline","provider_name":"registry.terraform.io/hashicorp/aws","schema_version":0,"values":{"name":"url-shortener-dev-secrets"},"sensitive_values":{}},{"address":"aws_iam_role_policy_attachment.ecs_exec","mode":"managed","type":"aws_iam_role_policy_attachment","name":"ecs_exec","provider_name":"registry.terraform.io/hashicorp/aws","schema_version":0,"values":{"policy_arn":"arn:aws:iam::aws:policy/service-role/AmazonECSTaskExecutionRolePolicy","role":"url-shortener-dev-ecs-exec"},"sensitive_values":{}},{"address":"aws_internet_gateway.this","mode":"managed","type":"aws_internet_gateway","name":"this","provider_name":"registry.terraform.io/hashicorp/aws","schema_version":0,"values":{"tags":{"Name":"url-shortener-dev-igw"},"tags_all":{"Environment":"dev","ManagedBy":"terraform","Name":"url-shortener-dev-igw","Project":"url-shortener"},"timeouts":null},"sensitive_values":{"tags":{},"tags_all":{}}},{"address":"aws_lb.this","mode":"managed","type":"aws_lb","name":"this","provider_name":"registry.terraform.io/hashicorp/aws","schema_version":0,"values":{"access_logs":[],"client_keep_alive":3600,"connection_logs":[],"customer_owned_ipv4_pool":null,"desync_mitigation_mode":"defensive","dns_record_client_routing_policy":null,"drop_invalid_header_fields":false,"enable_cross_zone_load_balancing":null,"enable_deletion_protection":false,"enable_http2":true,"enable_tls_version_and_cipher_suite_headers":false,"enable_waf_fail_open":false,"enable_xff_client_port":false,"enable_zonal_shift":false,"idle_timeout":60,"internal":false,"ipam_pools":[],"load_balancer_type":"application","minimum_load_balancer_capacity":[],"name":"url-shortener-dev","preserve_host_header":false,"tags":null,"tags_all":{"Environment":"dev","ManagedBy":"terraform","Project":"url-shortener"},"timeouts":null,"xff_header_processing_mode":"append"},"sensitive_values":{"access_logs":[],"connection_logs":[],"ipam_pools":[],"minimum_load_balancer_capacity":[],"security_groups":[],"subnet_mapping":[],"subnets":[],"tags_all":{}}},{"address":"aws_lb_listener.http[0]","mode":"managed","type":"aws_lb_listener","name":"http","index":0,"provider_name":"registry.terraform.io/hashicorp/aws","schema_version":0,"values":{"alpn_policy":null,"certificate_arn":null,"default_action":[{"authenticate_cognito":[],"authenticate_oidc":[],"fixed_response":[],"forward":[{"stickiness":[],"target_group":[{"weight":1}]}],"redirect":[],"target_group_arn":null,"type":"forward"}],"port":80,"protocol":"HTTP","tags":null,"tags_all":{"Environment":"dev","ManagedBy":"terraform","Project":"url-shortener"},"timeouts":null},"sensitive_values":{"default_action":[{"authenticate_cognito":[],"authenticate_oidc":[],"fixed_response":[],"forward":[{"stickiness":[],"target_group":[{}]}],"redirect":[]}],"mutual_authentication":[],"tags_all":{}}},{"address":"aws_lb_target_group.app","mode":"managed","type":"aws_lb_target_group","name":"app","provider_name":"registry.terraform.io/hashicorp/aws","schema_version":0,"values":{"deregistration_delay":"300","health_check":[{"enabled":true,"healthy_threshold":2,"interval":30,"matcher":"200-399","path":"/","port":"traffic-port","protocol":"HTTP","timeout":5,"unhealthy_threshold":3}],"lambda_multi_value_headers_enabled":false,"name":"url-shortener-dev-tg","port":5000,"protocol":"HTTP","proxy_protocol_v2":false,"slow_start":0,"tags":null,"tags_all":{"Environment":"dev","ManagedBy":"terraform","Project":"url-shortener"},"target_type":"ip"},"sensitive_values":{"health_check":[{}],"load_balancer_arns":[],"stickiness":[],"tags_all":{},"target_failover":[],"target_group_health":[],"target_health_state":[]}},{"address":"aws_nat_gateway.this","mode":"managed","type":"aws_nat_gateway","name":"this","provider_name":"registry.terraform.io/hashicorp/aws","schema_version":0,"values":{"connectivity_type":"public","secondary_allocation_ids":null,"tags":{"Name":"url-shortener-dev-nat"},"tags_all":{"Environment":"dev","ManagedBy":"terraform","Name":"url-shortener-dev-nat","Project":"url-shortener"},"timeouts":null},"sensitive_values":{"secondary_private_ip_addresses":[],"tags":{},"tags_all":{}}},{"address":"aws_route.private_default","mode":"managed","type":"aws_route","name":"private_default","provider_name":"registry.terraform.io/hashicorp/aws","schema_version":0,"values":{"carrier_gateway_id":null,"core_network_arn":null,"destination_cidr_block":"0.0.0.0/0","destination_ipv6_cidr_block":null,"destination_prefix_list_id":null,"egress_only_gateway_id":null,"gateway_id":null,"local_gateway_id":null,"timeouts":null,"transit_gateway_id":null,"vpc_endpoint_id":null,"vpc_peering_connection_id":null},"sensitive_values":{}},{"address":"aws_route.public_default","mode":"managed","type":"aws_route","name":"public_default","provider_name":"registry.terraform.io/hashicorp/aws","schema_version":0,"values":{"carrier_gateway_id":null,"core_network_arn":null,"destination_cidr_block":"0.0.0.0/0","destination_ipv6_cidr_block":null,"destination_prefix_list_id":null,"egress_only_gateway_id":null,"local_gateway_id":null,"nat_gateway_id":null,"timeouts":null,"transit_gateway_id":null,"vpc_endpoint_id":null,"vpc_peering_connection_id":null},"sensitive_values":{}},{"address":"aws_route_table.private","mode":"managed","type":"aws_route_table","name":"private","provider_name":"registry.terraform.io/hashicorp/aws","schema_version":0,"values":{"tags":{"Name":"url-shortener-dev-private-rt"},"tags_all":{"Environment":"dev","ManagedBy":"terraform","Name":"url-shortener-dev-private-rt","Project":"url-shortener"},"timeouts":null},"sensitive_values":{"propagating_vgws":[],"route":[],"tags":{},"tags_all":{}}},{"address":"aws_route_table.public","mode":"managed","type":"aws_route_table","name":"public","provider_name":"registry.terraform.io/hashicorp/aws","schema_version":0,"values":{"tags":{"Name":"url-shortener-dev-public-rt"},"tags_all":{"Environment":"dev","ManagedBy":"terraform","Name":"url-shortener-dev-public-rt","Project":"url-shortener"},"timeouts":null},"sensitive_values":{"propagating_vgws":[],"route":[],"tags":{},"tags_all":{}}},{"address":"aws_route_table_association.private_app[0]","mode":"managed","type":"aws_route_table_association","name":"private_app","index":0,"provider_name":"registry.terraform.io/hashicorp/aws","schema_version":0,"values":{"gateway_id":null,"timeouts":null},"sensitive_values":{}},{"address":"aws_route_table_association.private_app[1]","mode":"managed","type":"aws_route_table_association","name":"private_app","index":1,"provider_name":"registry.terraform.io/hashicorp/aws","schema_version":0,"values":{"gateway_id":null,"timeouts":null},"sensitive_values":{}},{"address":"aws_route_table_association.private_db[0]","mode":"managed","type":"aws_route_table_association","name":"private_db","index":0,"provider_name":"registry.terraform.io/hashicorp/aws","schema_version":0,"values":{"gateway_id":null,"timeouts":null},"sensitive_values":{}},{"address":"aws_route_table_association.private_db[1]","mode":"managed","type":"aws_route_table_association","name":"private_db","index":1,"provider_name":"registry.terraform.io/hashicorp/aws","schema_version":0,"values":{"gateway_id":null,"timeouts":null},"sensitive_values":{}},{"address":"aws_route_table_association.public[0]","mode":"managed","type":"aws_route_table_association","name":"public","index":0,"provider_name":"registry.terraform.io/hashicorp/aws","schema_version":0,"values":{"gateway_id":null,"timeouts":null},"sensitive_values":{}},{"address":"aws_route_table_association.public[1]","mode":"managed","type":"aws_route_table_association","name":"public","index":1,"provider_name":"registry.terraform.io/hashicorp/aws","schema_version":0,"values":{"gateway_id":null,"timeouts":null},"sensitive_values":{}},{"address":"aws_secretsmanager_secret.app","mode":"managed","type":"aws_secretsmanager_secret","name":"app","provider_name":"registry.terraform.io/hashicorp/aws","schema_version":0,"values":{"description":null,"force_overwrite_replica_secret":false,"kms_key_id":null,"name":"url-shortener-dev/app","recovery_window_in_days":7,"tags":null,"tags_all":{"Environment":"dev","ManagedBy":"terraform","Project":"url-shortener"}},"sensitive_values":{"replica":[],"tags_all":{}}},{"address":"aws_secretsmanager_secret.db","mode":"managed","type":"aws_secretsmanager_secret","name":"db","provider_name":"registry.terraform.io/hashicorp/aws","schema_version":0,"values":{"description":null,"force_overwrite_replica_secret":false,"kms_key_id":null,"name":"url-shortener-dev/db","recovery_window_in_days":7,"tags":null,"tags_all":{"Environment":"dev","ManagedBy":"terraform","Project":"url-shortener"}},"sensitive_values":{"replica":[],"tags_all":{}}},{"address":"aws_secretsmanager_secret_version.app","mode":"managed","type":"aws_secretsmanager_secret_version","name":"app","provider_name":"registry.terraform.io/hashicorp/aws","schema_version":0,"values":{"secret_binary":null,"secret_string_wo":null,"secret_string_wo_version":null},"sensitive_values":{"secret_binary":true,"secret_string":true,"secret_string_wo":true,"version_stages":[]}},{"address":"aws_secretsmanager_secret_version.db","mode":"managed","type":"aws_secretsmanager_secret_version","name":"db","provider_name":"registry.terraform.io/hashicorp/aws","schema_version":0,"values":{"secret_binary":null,"secret_string_wo":null,"secret_string_wo_version":null},"sensitive_values":{"secret_binary":true,"secret_string":true,"secret_string_wo":true,"version_stages":[]}},{"address":"aws_security_group.alb","mode":"managed","type":"aws_security_group","name":"alb","provider_name":"registry.terraform.io/hashicorp/aws","schema_version":1,"values":{"description":"ALB security group","egress":[{"cidr_blocks":["0.0.0.0/0"],"description":"To targets","from_port":0,"ipv6_cidr_blocks":[],"prefix_list_ids":[],"protocol":"-1","security_groups":[],"self":false,"to_port":0}],"ingress":[{"cidr_blocks":["0.0.0.0/0"],"description":"HTTP from internet (redirect to HTTPS)","from_port":80,"ipv6_cidr_blocks":[],"prefix_list_ids":[],"protocol":"tcp","security_groups":[],"self":false,"to_port":80},{"cidr_blocks":["0.0.0.0/0"],"description":"HTTPS from internet","from_port":443,"ipv6_cidr_blocks":[],"prefix_list_ids":[],"protocol":"tcp","security_groups":[],"self":false,"to_port":443}],"name":"url-shortener-dev-alb","revoke_rules_on_delete":false,"tags":null,"tags_all":{"Environment":"dev","ManagedBy":"terraform","Project":"url-shortener"},"timeouts":null},"sensitive_values":{"egress":[{"cidr_blocks":[false],"ipv6_cidr_blocks":[],"prefix_list_ids":[],"security_groups":[]}],"ingress":[{"cidr_blocks":[false],"ipv6_cidr_blocks":[],"prefix_list_ids":[],"security_groups":[]},{"cidr_blocks":[false],"ipv6_cidr_blocks":[],"prefix_list_ids":[],"security_groups":[]}],"tags_all":{}}},{"address":"aws_security_group.app","mode":"managed","type":"aws_security_group","name":"app","provider_name":"registry.terraform.io/hashicorp/aws","schema_version":1,"values":{"description":"ECS tasks security group","egress":[{"cidr_blocks":["0.0.0.0/0"],"description":"All egress (NAT)","from_port":0,"ipv6_cidr_blocks":[],"prefix_list_ids":[],"protocol":"-1","security_groups":[],"self":false,"to_port":0}],"ingress":[{"cidr_blocks":[],"description":"From ALB","from_port":5000,"ipv6_cidr_blocks":[],"prefix_list_ids":[],"protocol":"tcp","self":false,"to_port":5000}],"name":"url-shortener-dev-app","revoke_rules_on_delete":false,"tags":null,"tags_all":{"Environment":"dev","ManagedBy":"terraform","Project":"url-shortener"},"timeouts":null},"sensitive_values":{"egress":[{"cidr_blocks":[false],"ipv6_cidr_blocks":[],"prefix_list_ids":[],"security_groups":[]}],"ingress":[{"cidr_blocks":[],"ipv6_cidr_blocks":[],"prefix_list_ids":[],"security_groups":[]}],"tags_all":{}}},{"address":"aws_security_group.db","mode":"managed","type":"aws_security_group","name":"db","provider_name":"registry.terraform.io/hashicorp/aws","schema_version":1,"values":{"description":"RDS security group","egress":[{"cidr_blocks":["0.0.0.0/0"],"description":"All egress","from_port":0,"ipv6_cidr_blocks":[],"prefix_list_ids":[],"protocol":"-1","security_groups":[],"self":false,"to_port":0}],"ingress":[{"cidr_blocks":[],"description":"Postgres from app","from_port":5432,"ipv6_cidr_blocks":[],"prefix_list_ids":[],"protocol":"tcp","self":false,"to_port":5432}],"name":"url-shortener-dev-db","revoke_rules_on_delete":false,"tags":null,"tags_all":{"Environment":"dev","ManagedBy":"terraform","Project":"url-shortener"},"timeouts":null},"sensitive_values":{"egress":[{"cidr_blocks":[false],"ipv6_cidr_blocks":[],"prefix_list_ids":[],"security_groups":[]}],"ingress":[{"cidr_blocks":[],"ipv6_cidr_blocks":[],"prefix_list_ids":[],"security_groups":[]}],"tags_all":{}}},{"address":"aws_subnet.private_app[0]","mode":"managed","type":"aws_subnet","name":"private_app","index":0,"provider_name":"registry.terraform.io/hashicorp/aws","schema_version":1,"values":{"assign_ipv6_address_on_creation":false,"availability_zone":"us-east-1a","cidr_block":"10.0.10.0/24","customer_owned_ipv4_pool":null,"enable_dns64":false,"enable_lni_at_device_index":null,"enable_resource_name_dns_a_record_on_launch":false,"enable_resource_name_dns_aaaa_record_on_launch":false,"ipv6_cidr_block":null,"ipv6_native":false,"map_customer_owned_ip_on_launch":null,"map_public_ip_on_launch":false,"outpost_arn":null,"tags":{"Name":"url-shortener-dev-private-app-us-east-1a","Tier":"private-app"},"tags_all":{"Environment":"dev","ManagedBy":"terraform","Name":"url-shortener-dev-private-app-us-east-1a","Project":"url-shortener","Tier":"private-app"},"timeouts":null},"sensitive_values":{"tags":{},"tags_all":{}}},{"address":"aws_subnet.private_app[1]","mode":"managed","type":"aws_subnet","name":"private_app","index":1,"provider_name":"registry.terraform.io/hashicorp/aws","schema_version":1,"values":{"assign_ipv6_address_on_creation":false,"availability_zone":"us-east-1b","cidr_block":"10.0.11.0/24","customer_owned_ipv4_pool":null,"enable_dns64":false,"enable_lni_at_device_index":null,"enable_resource_name_dns_a_record_on_launch":false,"enable_resource_name_dns_aaaa_record_on_launch":false,"ipv6_cidr_block":null,"ipv6_native":false,"map_customer_owned_ip_on_launch":null,"map_public_ip_on_launch":false,"outpost_arn":null,"tags":{"Name":"url-shortener-dev-private-app-us-east-1b","Tier":"private-app"},"tags_all":{"Environment":"dev","ManagedBy":"terraform","Name":"url-shortener-dev-private-app-us-east-1b","Project":"url-shortener","Tier":"private-app"},"timeouts":null},"sensitive_values":{"tags":{},"tags_all":{}}},{"address":"aws_subnet.private_db[0]","mode":"managed","type":"aws_subnet","name":"private_db","index":0,"provider_name":"registry.terraform.io/hashicorp/aws","schema_version":1,"values":{"assign_ipv6_address_on_creation":false,"availability_zone":"us-east-1a","cidr_block":"10.0.20.0/24","customer_owned_ipv4_pool":null,"enable_dns64":false,"enable_lni_at_device_index":null,"enable_resource_name_dns_a_record_on_launch":false,"enable_resource_name_dns_aaaa_record_on_launch":false,"ipv6_cidr_block":null,"ipv6_native":false,"map_customer_owned_ip_on_launch":null,"map_public_ip_on_launch":false,"outpost_arn":null,"tags":{"Name":"url-shortener-dev-private-db-us-east-1a","Tier":"private-db"},"tags_all":{"Environment":"dev","ManagedBy":"terraform","Name":"url-shortener-dev-private-db-us-east-1a","Project":"url-shortener","Tier":"private-db"},"timeouts":null},"sensitive_values":{"tags":{},"tags_all":{}}},{"address":"aws_subnet.private_db[1]","mode":"managed","type":"aws_subnet","name":"private_db","index":1,"provider_name":"registry.terraform.io/hashicorp/aws","schema_version":1,"values":{"assign_ipv6_address_on_creation":false,"availability_zone":"us-east-1b","cidr_block":"10.0.21.0/24","customer_owned_ipv4_pool":null,"enable_dns64":false,"enable_lni_at_device_index":null,"enable_resource_name_dns_a_record_on_launch":false,"enable_resource_name_dns_aaaa_record_on_launch":false,"ipv6_cidr_block":null,"ipv6_native":false,"map_customer_owned_ip_on_launch":null,"map_public_ip_on_launch":false,"outpost_arn":null,"tags":{"Name":"url-shortener-dev-private-db-us-east-1b","Tier":"private-db"},"tags_all":{"Environment":"dev","ManagedBy":"terraform","Name":"url-shortener-dev-private-db-us-east-1b","Project":"url-shortener","Tier":"private-db"},"timeouts":null},"sensitive_values":{"tags":{},"tags_all":{}}},{"address":"aws_subnet.public[0]","mode":"managed","type":"aws_subnet","name":"public","index":0,"provider_name":"registry.terraform.io/hashicorp/aws","schema_version":1,"values":{"assign_ipv6_address_on_creation":false,"availability_zone":"us-east-1a","cidr_block":"10.0.0.0/24","customer_owned_ipv4_pool":null,"enable_dns64":false,"enable_lni_at_device_index":null,"enable_resource_name_dns_a_record_on_launch":false,"enable_resource_name_dns_aaaa_record_on_launch":false,"ipv6_cidr_block":null,"ipv6_native":false,"map_customer_owned_ip_on_launch":null,"map_public_ip_on_launch":true,"outpost_arn":null,"tags":{"Name":"url-shortener-dev-public-us-east-1a","Tier":"public"},"tags_all":{"Environment":"dev","ManagedBy":"terraform","Name":"url-shortener-dev-public-us-east-1a","Project":"url-shortener","Tier":"public"},"timeouts":null},"sensitive_values":{"tags":{},"tags_all":{}}},{"address":"aws_subnet.public[1]","mode":"managed","type":"aws_subnet","name":"public","index":1,"provider_name":"registry.terraform.io/hashicorp/aws","schema_version":1,"values":{"assign_ipv6_address_on_creation":false,"availability_zone":"us-east-1b","cidr_block":"10.0.1.0/24","customer_owned_ipv4_pool":null,"enable_dns64":false,"enable_lni_at_device_index":null,"enable_resource_name_dns_a_record_on_launch":false,"enable_resource_name_dns_aaaa_record_on_launch":false,"ipv6_cidr_block":null,"ipv6_native":false,"map_customer_owned_ip_on_launch":null,"map_public_ip_on_launch":true,"outpost_arn":null,"tags":{"Name":"url-shortener-dev-public-us-east-1b","Tier":"public"},"tags_all":{"Environment":"dev","ManagedBy":"terraform","Name":"url-shortener-dev-public-us-east-1b","Project":"url-shortener","Tier":"public"},"timeouts":null},"sensitive_values":{"tags":{},"tags_all":{}}},{"address":"aws_vpc.this","mode":"managed","type":"aws_vpc","name":"this","provider_name":"registry.terraform.io/hashicorp/aws","schema_version":1,"values":{"assign_generated_ipv6_cidr_block":null,"cidr_block":"10.0.0.0/16","enable_dns_hostnames":true,"enable_dns_support":true,"instance_tenancy":"default","ipv4_ipam_pool_id":null,"ipv4_netmask_length":null,"ipv6_ipam_pool_id":null,"ipv6_netmask_length":null,"tags":{"Name":"url-shortener-dev"},"tags_all":{"Environment":"dev","ManagedBy":"terraform","Name":"url-shortener-dev","Project":"url-shortener"}},"sensitive_values":{"tags":{},"tags_all":{}}},{"address":"data.aws_iam_policy_document.ecs_task_inline","mode":"data","type":"aws_iam_policy_document","name":"ecs_task_inline","provider_name":"registry.terraform.io/hashicorp/aws","schema_version":0,"values":{"override_json":null,"override_policy_documents":null,"policy_id":null,"source_json":null,"source_policy_documents":null,"statement":[{"actions":["secretsmanager:GetSecretValue"],"condition":[],"effect":"Allow","not_actions":null,"not_principals":[],"not_resources":null,"principals":[],"resources":[null,null],"sid":"ReadSecrets"}],"version":null},"sensitive_values":{"statement":[{"actions":[false],"condition":[],"not_principals":[],"principals":[],"resources":[false,false]}]}},{"address":"random_password.db","mode":"managed","type":"random_password","name":"db","provider_name":"registry.terraform.io/hashicorp/random","schema_version":3,"values":{"keepers":null,"length":24,"lower":true,"min_lower":0,"min_numeric":0,"min_special":0,"min_upper":0,"number":true,"numeric":true,"override_special":null,"special":true,"upper":true},"sensitive_values":{"bcrypt_hash":true,"result":true}},{"address":"random_password.secret_key","mode":"managed","type":"random_password","name":"secret_key","provider_name":"registry.terraform.io/hashicorp/random","schema_version":3,"values":{"keepers":null,"length":48,"lower":true,"min_lower":0,"min_numeric":0,"min_special":0,"min_upper":0,"number":true,"numeric":true,"override_special":null,"special":true,"upper":true},"sensitive_values":{"bcrypt_hash":true,"result":true}}]}},"resource_changes":[{"address":"data.aws_iam_policy_document.ecs_task_inline","mode":"data","type":"aws_iam_policy_document","name":"ecs_task_inline","provider_name":"registry.terraform.io/hashicorp/aws","change":{"actions":["read"],"before":null,"after":{"override_json":null,"override_policy_documents":null,"policy_id":null,"source_json":null,"source_policy_documents":null,"statement":[{"actions":["secretsmanager:GetSecretValue"],"condition":[],"effect":"Allow","not_actions":null,"not_principals":[],"not_resources":null,"principals":[],"resources":[null,null],"sid":"ReadSecrets"}],"version":null},"after_unknown":{"id":true,"json":true,"minified_json":true,"statement":[{"actions":[false],"condition":[],"not_principals":[],"principals":[],"resources":[true,true]}]},"before_sensitive":false,"after_sensitive":{"statement":[{"actions":[false],"condition":[],"not_principals":[],"principals":[],"resources":[false,false]}]}},"action_reason":"read_because_config_unknown"},{"address":"aws_cloudwatch_log_group.app","mode":"managed","type":"aws_cloudwatch_log_group","name":"app","provider_name":"registry.terraform.io/hashicorp/aws","change":{"actions":["create"],"before":null,"after":{"kms_key_id":null,"name":"/ecs/url-shortener-dev","retention_in_days":30,"skip_destroy":false,"tags":null,"tags_all":{"Environment":"dev","ManagedBy":"terraform","Project":"url-shortener"}},"after_unknown":{"arn":true,"id":true,"log_group_class":true,"name_prefix":true,"tags_all":{}},"before_sensitive":false,"after_sensitive":{"tags_all":{}}}},{"address":"aws_db_instance.this","mode":"managed","type":"aws_db_instance","name":"this","provider_name":"registry.terraform.io/hashicorp/aws","change":{"actions":["create"],"before":null,"after":{"allocated_storage":20,"allow_major_version_upgrade":null,"apply_immediately":true,"auto_minor_version_upgrade":true,"backup_retention_period":7,"blue_green_update":[],"copy_tags_to_snapshot":false,"custom_iam_instance_profile":null,"customer_owned_ip_enabled":null,"db_name":"urlshortener","db_subnet_group_name":"url-shortener-dev-db-subnets","dedicated_log_volume":false,"delete_automated_backups":true,"deletion_protection":false,"domain":null,"domain_auth_secret_arn":null,"domain_dns_ips":null,"domain_iam_role_name":null,"domain_ou":null,"enabled_cloudwatch_logs_exports":null,"engine":"postgres","engine_version":"16.3","final_snapshot_identifier":null,"iam_database_authentication_enabled":null,"identifier":"url-shortener-dev","instance_class":"db.t4g.micro","manage_master_user_password":null,"max_allocated_storage":null,"monitoring_interval":0,"multi_az":false,"parameter_group_name":"url-shortener-dev-pg","password_wo":null,"password_wo_version":null,"performance_insights_enabled":false,"publicly_accessible":false,"replicate_source_db":null,"restore_to_point_in_time":[],"s3_import":[],"skip_final_snapshot":true,"storage_encrypted":true,"tags":null,"tags_all":{"Environment":"dev","ManagedBy":"terraform","Project":"url-shortener"},"timeouts":null,"upgrade_storage_config":null,"username":"appuser"},"after_unknown":{"address":true,"arn":true,"availability_zone":true,"backup_target":true,"backup_window":true,"blue_green_update":[],"ca_cert_identifier":true,"character_set_name":true,"database_insights_mode":true,"domain_fqdn":true,"endpoint":true,"engine_lifecycle_support":true,"engine_version_actual":true,"hosted_zone_id":true,"id":true,"identifier_prefix":true,"iops":true,"kms_key_id":true,"latest_restorable_time":true,"license_model":true,"listener_endpoint":true,"maintenance_window":true,"master_user_secret":true,"master_user_secret_kms_key_id":true,"monitoring_role_arn":true,"nchar_character_set_name":true,"network_type":true,"option_group_name":true,"password":true,"performance_insights_kms_key_id":true,"performance_insights_retention_period":true,"port":true,"replica_mode":true,"replicas":true,"resource_id":true,"restore_to_point_in_time":[],"s3_import":[],"snapshot_identifier":true,"status":true,"storage_throughput":true,"storage_type":true,"tags_all":{},"timezone":true,"vpc_security_group_ids":true},"before_sensitive":false,"after_sensitive":{"blue_green_update":[],"listener_endpoint":[],"master_user_secret":[],"password":true,"password_wo":true,"replicas":[],"restore_to_point_in_time":[],"s3_import":[],"tags_all":{},"vpc_security_group_ids":[]}}},{"address":"aws_db_parameter_group.this","mode":"managed","type":"aws_db_parameter_group","name":"this","provider_name":"registry.terraform.io/hashicorp/aws","change":{"actions":["create"],"before":null,"after":{"description":"Managed by Terraform","family":"postgres16","name":"url-shortener-dev-pg","parameter":[{"apply_method":"immediate","name":"log_min_duration_statement","value":"500"}],"skip_destroy":false,"tags":null,"tags_all":{"Environment":"dev","ManagedBy":"terraform","Project":"url-shortener"}},"after_unknown":{"arn":true,"id":true,"name_prefix":true,"parameter":[{}],"tags_all":{}},"before_sensitive":false,"after_sensitive":{"parameter":[{}],"tags_all":{}}}},{"address":"aws_db_subnet_group.this","mode":"managed","type":"aws_db_subnet_group","name":"this","provider_name":"registry.terraform.io/hashicorp/aws","change":{"actions":["create"],"before":null,"after":{"description":"Managed by Terraform","name":"url-shortener-dev-db-subnets","tags":{"Name":"url-shortener-dev-db-subnets"},"tags_all":{"Environment":"dev","ManagedBy":"terraform","Name":"url-shortener-dev-db-subnets","Project":"url-shortener"}},"after_unknown":{"arn":true,"id":true,"name_prefix":true,"subnet_ids":true,"supported_network_types":true,"tags":{},"tags_all":{},"vpc_id":true},"before_sensitive":false,"after_sensitive":{"subnet_ids":[],"supported_network_types":[],"tags":{},"tags_all":{}}}},{"address":"aws_ecr_repository.app","mode":"managed","type":"aws_ecr_repository","name":"app","provider_name":"registry.terraform.io/hashicorp/aws","change":{"actions":["create"],"before":null,"after":{"encryption_configuration":[{"encryption_type":"AES256"}],"force_delete":null,"image_scanning_configuration":[{"scan_on_push":true}],"image_tag_mutability":"MUTABLE","name":"url-shortener-dev","tags":null,"tags_all":{"Environment":"dev","ManagedBy":"terraform","Project":"url-shortener"},"timeouts":null},"after_unknown":{"arn":true,"encryption_configuration":[{"kms_key":true}],"id":true,"image_scanning_configuration":[{}],"registry_id":true,"repository_url":true,"tags_all":{}},"before_sensitive":false,"after_sensitive":{"encryption_configuration":[{}],"image_scanning_configuration":[{}],"tags_all":{}}}},{"address":"aws_ecs_cluster.this","mode":"managed","type":"aws_ecs_cluster","name":"this","provider_name":"registry.terraform.io/hashicorp/aws","change":{"actions":["create"],"before":null,"after":{"configuration":[],"name":"url-shortener-dev","service_connect_defaults":[],"tags":null,"tags_all":{"Environment":"dev","ManagedBy":"terraform","Project":"url-shortener"}},"after_unknown":{"arn":true,"configuration":[],"id":true,"service_connect_defaults":[],"setting":true,"tags_all":{}},"before_sensitive":false,"after_sensitive":{"configuration":[],"service_connect_defaults":[],"setting":[],"tags_all":{}}}},{"address":"aws_ecs_service.app","mode":"managed","type":"aws_ecs_service","name":"app","provider_name":"registry.terraform.io/hashicorp/aws","change":{"actions":["create"],"before":null,"after":{"alarms":[],"availability_zone_rebalancing":"DISABLED","capacity_provider_strategy":[],"deployment_circuit_breaker":[],"deployment_controller":[],"deployment_maximum_percent":200,"deployment_minimum_healthy_percent":100,"desired_count":1,"enable_ecs_managed_tags":false,"enable_execute_command":false,"force_delete":null,"force_new_deployment":null,"health_check_grace_period_seconds":null,"launch_type":"FARGATE","load_balancer":[{"container_name":"app","container_port":5000,"elb_name":""}],"name":"url-shortener-dev","network_configuration":[{"assign_public_ip":false}],"ordered_placement_strategy":[],"placement_constraints":[],"propagate_tags":null,"scheduling_strategy":"REPLICA","service_connect_configuration":[],"service_registries":[],"tags":null,"tags_all":{"Environment":"dev","ManagedBy":"terraform","Project":"url-shortener"},"timeouts":null,"volume_configuration":[],"vpc_lattice_configurations":[],"wait_for_steady_state":false},"after_unknown":{"alarms":[],"capacity_provider_strategy":[],"cluster":true,"deployment_circuit_breaker":[],"deployment_controller":[],"iam_role":true,"id":true,"load_balancer":[{"target_group_arn":true}],"network_configuration":[{"security_groups":true,"subnets":true}],"ordered_placement_strategy":[],"placement_constraints":[],"platform_version":true,"service_connect_configuration":[],"service_registries":[],"tags_all":{},"task_definition":true,"triggers":true,"volume_configuration":[],"vpc_lattice_configurations":[]},"before_sensitive":false,"after_sensitive":{"alarms":[],"capacity_provider_strategy":[],"deployment_circuit_breaker":[],"deployment_controller":[],"load_balancer":[{}],"network_configuration":[{"security_groups":[],"subnets":[]}],"ordered_placement_strategy":[],"placement_constraints":[],"service_connect_configuration":[],"service_registries":[],"tags_all":{},"triggers":{},"volume_configuration":[],"vpc_lattice_configurations":[]}}},{"address":"aws_ecs_task_definition.app","mode":"managed","type":"aws_ecs_task_definition","name":"app","provider_name":"registry.terraform.io/hashicorp/aws","change":{"actions":["create"],"before":null,"after":{"cpu":"256","ephemeral_storage":[],"family":"url-shortener-dev","inference_accelerator":[],"ipc_mode":null,"memory":"512","network_mode":"awsvpc","pid_mode":null,"placement_constraints":[],"proxy_configuration":[],"requires_compatibilities":["FARGATE"],"runtime_platform":[],"skip_destroy":false,"tags":null,"tags_all":{"Environment":"dev","ManagedBy":"terraform","Project":"url-shortener"},"track_latest":false,"volume":[]},"after_unknown":{"arn":true,"arn_without_revision":true,"container_definitions":true,"enable_fault_injection":true,"ephemeral_storage":[],"execution_role_arn":true,"id":true,"inference_accelerator":[],"placement_constraints":[],"proxy_configuration":[],"requires_compatibilities":[false],"revision":true,"runtime_platform":[],"tags_all":{},"task_role_arn":true,"volume":[]},"before_sensitive":false,"after_sensitive":{"container_definitions":true,"ephemeral_storage":[],"inference_accelerator":[],"placement_constraints":[],"proxy_configuration":[],"requires_compatibilities":[false],"runtime_platform":[],"tags_all":{},"volume":[]}}},{"address":"aws_eip.nat","mode":"managed","type":"aws_eip","name":"nat","provider_name":"registry.terraform.io/hashicorp/aws","change":{"actions":["create"],"before":null,"after":{"address":null,"associate_with_private_ip":null,"customer_owned_ipv4_pool":null,"domain":"vpc","tags":{"Name":"url-shortener-dev-nat-eip"},"tags_all":{"Environment":"dev","ManagedBy":"terraform","Name":"url-shortener-dev-nat-eip","Project":"url-shortener"},"timeouts":null},"after_unknown":{"allocation_id":true,"arn":true,"association_id":true,"carrier_ip":true,"customer_owned_ip":true,"id":true,"instance":true,"ipam_pool_id":true,"network_border_group":true,"network_interface":true,"private_dns":true,"private_ip":true,"ptr_record":true,"public_dns":true,"public_ip":true,"public_ipv4_pool":true,"tags":{},"tags_all":{},"vpc":true},"before_sensitive":false,"after_sensitive":{"tags":{},"tags_all":{}}}},{"address":"aws_iam_role.ecs_task","mode":"managed","type":"aws_iam_role","name":"ecs_task","provider_name":"registry.terraform.io/hashicorp/aws","change":{"actions":["create"],"before":null,"after":{"assume_role_policy":"{\"Statement\":[{\"Action\":\"sts:AssumeRole\",\"Effect\":\"Allow\",\"Principal\":{\"Service\":\"ecs-tasks.amazonaws.com\"}}],\"Version\":\"2012-10-17\"}","description":null,"force_detach_policies":false,"max_session_duration":3600,"name":"url-shortener-dev-ecs-task","path":"/","permissions_boundary":null,"tags":null,"tags_all":{"Environment":"dev","ManagedBy":"terraform","Project":"url-shortener"}},"after_unknown":{"arn":true,"create_date":true,"id":true,"inline_policy":true,"managed_policy_arns":true,"name_prefix":true,"tags_all":{},"unique_id":true},"before_sensitive":false,"after_sensitive":{"inline_policy":[],"managed_policy_arns":[],"tags_all":{}}}},{"address":"aws_iam_role.ecs_task_execution","mode":"managed","type":"aws_iam_role","name":"ecs_task_execution","provider_name":"registry.terraform.io/hashicorp/aws","change":{"actions":["create"],"before":null,"after":{"assume_role_policy":"{\"Statement\":[{\"Action\":\"sts:AssumeRole\",\"Effect\":\"Allow\",\"Principal\":{\"Service\":\"ecs-tasks.amazonaws.com\"}}],\"Version\":\"2012-10-17\"}","description":null,"force_detach_policies":false,"max_session_duration":3600,"name":"url-shortener-dev-ecs-exec","path":"/","permissions_boundary":null,"tags":null,"tags_all":{"Environment":"dev","ManagedBy":"terraform","Project":"url-shortener"}},"after_unknown":{"arn":true,"create_date":true,"id":true,"inline_policy":true,"managed_policy_arns":true,"name_prefix":true,"tags_all":{},"unique_id":true},"before_sensitive":false,"after_sensitive":{"inline_policy":[],"managed_policy_arns":[],"tags_all":{}}}},{"address":"aws_iam_role_policy.ecs_task_inline","mode":"managed","type":"aws_iam_role_policy","name":"ecs_task_inline","provider_name":"registry.terraform.io/hashicorp/aws","change":{"actions":["create"],"before":null,"after":{"name":"url-shortener-dev-secrets"},"after_unknown":{"id":true,"name_prefix":true,"policy":true,"role":true},"before_sensitive":false,"after_sensitive":{}}},{"address":"aws_iam_role_policy_attachment.ecs_exec","mode":"managed","type":"aws_iam_role_policy_attachment","name":"ecs_exec","provider_name":"registry.terraform.io/hashicorp/aws","change":{"actions":["create"],"before":null,"after":{"policy_arn":"arn:aws:iam::aws:policy/service-role/AmazonECSTaskExecutionRolePolicy","role":"url-shortener-dev-ecs-exec"},"after_unknown":{"id":true},"before_sensitive":false,"after_sensitive":{}}},{"address":"aws_internet_gateway.this","mode":"managed","type":"aws_internet_gateway","name":"this","provider_name":"registry.terraform.io/hashicorp/aws","change":{"actions":["create"],"before":null,"after":{"tags":{"Name":"url-shortener-dev-igw"},"tags_all":{"Environment":"dev","ManagedBy":"terraform","Name":"url-shortener-dev-igw","Project":"url-shortener"},"timeouts":null},"after_unknown":{"arn":true,"id":true,"owner_id":true,"tags":{},"tags_all":{},"vpc_id":true},"before_sensitive":false,"after_sensitive":{"tags":{},"tags_all":{}}}},{"address":"aws_lb.this","mode":"managed","type":"aws_lb","name":"this","provider_name":"registry.terraform.io/hashicorp/aws","change":{"actions":["create"],"before":null,"after":{"access_logs":[],"client_keep_alive":3600,"connection_logs":[],"customer_owned_ipv4_pool":null,"desync_mitigation_mode":"defensive","dns_record_client_routing_policy":null,"drop_invalid_header_fields":false,"enable_cross_zone_load_balancing":null,"enable_deletion_protection":false,"enable_http2":true,"enable_tls_version_and_cipher_suite_headers":false,"enable_waf_fail_open":false,"enable_xff_client_port":false,"enable_zonal_shift":false,"idle_timeout":60,"internal":false,"ipam_pools":[],"load_balancer_type":"application","minimum_load_balancer_capacity":[],"name":"url-shortener-dev","preserve_host_header":false,"tags":null,"tags_all":{"Environment":"dev","ManagedBy":"terraform","Project":"url-shortener"},"timeouts":null,"xff_header_processing_mode":"append"},"after_unknown":{"access_logs":[],"arn":true,"arn_suffix":true,"connection_logs":[],"dns_name":true,"enforce_security_group_inbound_rules_on_private_link_traffic":true,"id":true,"ip_address_type":true,"ipam_pools":[],"minimum_load_balancer_capacity":[],"name_prefix":true,"security_groups":true,"subnet_mapping":true,"subnets":true,"tags_all":{},"vpc_id":true,"zone_id":true},"before_sensitive":false,"after_sensitive":{"access_logs":[],"connection_logs":[],"ipam_pools":[],"minimum_load_balancer_capacity":[],"security_groups":[],"subnet_mapping":[],"subnets":[],"tags_all":{}}}},{"address":"aws_lb_listener.http[0]","mode":"managed","type":"aws_lb_listener","name":"http","index":0,"provider_name":"registry.terraform.io/hashicorp/aws","change":{"actions":["create"],"before":null,"after":{"alpn_policy":null,"certificate_arn":null,"default_action":[{"authenticate_cognito":[],"authenticate_oidc":[],"fixed_response":[],"forward":[{"stickiness":[],"target_group":[{"weight":1}]}],"redirect":[],"target_group_arn":null,"type":"forward"}],"port":80,"protocol":"HTTP","tags":null,"tags_all":{"Environment":"dev","ManagedBy":"terraform","Project":"url-shortener"},"timeouts":null},"after_unknown":{"arn":true,"default_action":[{"authenticate_cognito":[],"authenticate_oidc":[],"fixed_response":[],"forward":[{"stickiness":[],"target_group":[{"arn":true}]}],"order":true,"redirect":[]}],"id":true,"load_balancer_arn":true,"mutual_authentication":true,"routing_http_request_x_amzn_mtls_clientcert_header_name":true,"routing_http_request_x_amzn_mtls_clientcert_issuer_header_name":true,"routing_http_request_x_amzn_mtls_clientcert_leaf_header_name":true,"routing_http_request_x_amzn_mtls_clientcert_serial_number_header_name":true,"routing_http_request_x_amzn_mtls_clientcert_subject_header_name":true,"routing_http_request_x_amzn_mtls_clientcert_validity_header_name":true,"routing_http_request_x_amzn_tls_cipher_suite_header_name":true,"routing_http_request_x_amzn_tls_version_header_name":true,"routing_http_response_access_control_allow_credentials_header_value":true,"routing_http_response_access_control_allow_headers_header_value":true,"routing_http_response_access_control_allow_methods_header_value":true,"routing_http_response_access_control_allow_origin_header_value":true,"routing_http_response_access_control_expose_headers_header_value":true,"routing_http_response_access_control_max_age_header_value":true,"routing_http_response_content_security_policy_header_value":true,"routing_http_response_server_enabled":true,"routing_http_response_strict_transport_security_header_value":true,"routing_http_response_x_content_type_options_header_value":true,"routing_http_response_x_frame_options_header_value":true,"ssl_policy":true,"tags_all":{},"tcp_idle_timeout_seconds":true},"before_sensitive":false,"after_sensitive":{"default_action":[{"authenticate_cognito":[],"authenticate_oidc":[],"fixed_response":[],"forward":[{"stickiness":[],"target_group":[{}]}],"redirect":[]}],"mutual_authentication":[],"tags_all":{}}}},{"address":"aws_lb_target_group.app","mode":"managed","type":"aws_lb_target_group","name":"app","provider_name":"registry.terraform.io/hashicorp/aws","change":{"actions":["create"],"before":null,"after":{"deregistration_delay":"300","health_check":[{"enabled":true,"healthy_threshold":2,"interval":30,"matcher":"200-399","path":"/","port":"traffic-port","protocol":"HTTP","timeout":5,"unhealthy_threshold":3}],"lambda_multi_value_headers_enabled":false,"name":"url-shortener-dev-tg","port":5000,"protocol":"HTTP","proxy_protocol_v2":false,"slow_start":0,"tags":null,"tags_all":{"Environment":"dev","ManagedBy":"terraform","Project":"url-shortener"},"target_type":"ip"},"after_unknown":{"arn":true,"arn_suffix":true,"connection_termination":true,"health_check":[{}],"id":true,"ip_address_type":true,"load_balancer_arns":true,"load_balancing_algorithm_type":true,"load_balancing_anomaly_mitigation":true,"load_balancing_cross_zone_enabled":true,"name_prefix":true,"preserve_client_ip":true,"protocol_version":true,"stickiness":true,"tags_all":{},"target_failover":true,"target_group_health":true,"target_health_state":true,"vpc_id":true},"before_sensitive":false,"after_sensitive":{"health_check":[{}],"load_balancer_arns":[],"stickiness":[],"tags_all":{},"target_failover":[],"target_group_health":[],"target_health_state":[]}}},{"address":"aws_nat_gateway.this","mode":"managed","type":"aws_nat_gateway","name":"this","provider_name":"registry.terraform.io/hashicorp/aws","change":{"actions":["create"],"before":null,"after":{"connectivity_type":"public","secondary_allocation_ids":null,"tags":{"Name":"url-shortener-dev-nat"},"tags_all":{"Environment":"dev","ManagedBy":"terraform","Name":"url-shortener-dev-nat","Project":"url-shortener"},"timeouts":null},"after_unknown":{"allocation_id":true,"association_id":true,"id":true,"network_interface_id":true,"private_ip":true,"public_ip":true,"secondary_private_ip_address_count":true,"secondary_private_ip_addresses":true,"subnet_id":true,"tags":{},"tags_all":{}},"before_sensitive":false,"after_sensitive":{"secondary_private_ip_addresses":[],"tags":{},"tags_all":{}}}},{"address":"aws_route.private_default","mode":"managed","type":"aws_route","name":"private_default","provider_name":"registry.terraform.io/hashicorp/aws","change":{"actions":["create"],"before":null,"after":{"carrier_gateway_id":null,"core_network_arn":null,"destination_cidr_block":"0.0.0.0/0","destination_ipv6_cidr_block":null,"destination_prefix_list_id":null,"egress_only_gateway_id":null,"gateway_id":null,"local_gateway_id":null,"timeouts":null,"transit_gateway_id":null,"vpc_endpoint_id":null,"vpc_peering_connection_id":null},"after_unknown":{"id":true,"instance_id":true,"instance_owner_id":true,"nat_gateway_id":true,"network_interface_id":true,"origin":true,"route_table_id":true,"state":true},"before_sensitive":false,"after_sensitive":{}}},{"address":"aws_route.public_default","mode":"managed","type":"aws_route","name":"public_default","provider_name":"registry.terraform.io/hashicorp/aws","change":{"actions":["create"],"before":null,"after":{"carrier_gateway_id":null,"core_network_arn":null,"destination_cidr_block":"0.0.0.0/0","destination_ipv6_cidr_block":null,"destination_prefix_list_id":null,"egress_only_gateway_id":null,"local_gateway_id":null,"nat_gateway_id":null,"timeouts":null,"transit_gateway_id":null,"vpc_endpoint_id":null,"vpc_peering_connection_id":null},"after_unknown":{"gateway_id":true,"id":true,"instance_id":true,"instance_owner_id":true,"network_interface_id":true,"origin":true,"route_table_id":true,"state":true},"before_sensitive":false,"after_sensitive":{}}},{"address":"aws_route_table.private","mode":"managed","type":"aws_route_table","name":"private","provider_name":"registry.terraform.io/hashicorp/aws","change":{"actions":["create"],"before":null,"after":{"tags":{"Name":"url-shortener-dev-private-rt"},"tags_all":{"Environment":"dev","ManagedBy":"terraform","Name":"url-shortener-dev-private-rt","Project":"url-shortener"},"timeouts":null},"after_unknown":{"arn":true,"id":true,"owner_id":true,"propagating_vgws":true,"route":true,"tags":{},"tags_all":{},"vpc_id":true},"before_sensitive":false,"after_sensitive":{"propagating_vgws":[],"route":[],"tags":{},"tags_all":{}}}},{"address":"aws_route_table.public","mode":"managed","type":"aws_route_table","name":"public","provider_name":"registry.terraform.io/hashicorp/aws","change":{"actions":["create"],"before":null,"after":{"tags":{"Name":"url-shortener-dev-public-rt"},"tags_all":{"Environment":"dev","ManagedBy":"terraform","Name":"url-shortener-dev-public-rt","Project":"url-shortener"},"timeouts":null},"after_unknown":{"arn":true,"id":true,"owner_id":true,"propagating_vgws":true,"route":true,"tags":{},"tags_all":{},"vpc_id":true},"before_sensitive":false,"after_sensitive":{"propagating_vgws":[],"route":[],"tags":{},"tags_all":{}}}},{"address":"aws_route_table_association.private_app[0]","mode":"managed","type":"aws_route_table_association","name":"private_app","index":0,"provider_name":"registry.terraform.io/hashicorp/aws","change":{"actions":["create"],"before":null,"after":{"gateway_id":null,"timeouts":null},"after_unknown":{"id":true,"route_table_id":true,"subnet_id":true},"before_sensitive":false,"after_sensitive":{}}},{"address":"aws_route_table_association.private_app[1]","mode":"managed","type":"aws_route_table_association","name":"private_app","index":1,"provider_name":"registry.terraform.io/hashicorp/aws","change":{"actions":["create"],"before":null,"after":{"gateway_id":null,"timeouts":null},"after_unknown":{"id":true,"route_table_id":true,"subnet_id":true},"before_sensitive":false,"after_sensitive":{}}},{"address":"aws_route_table_association.private_db[0]","mode":"managed","type":"aws_route_table_association","name":"private_db","index":0,"provider_name":"registry.terraform.io/hashicorp/aws","change":{"actions":["create"],"before":null,"after":{"gateway_id":null,"timeouts":null},"after_unknown":{"id":true,"route_table_id":true,"subnet_id":true},"before_sensitive":false,"after_sensitive":{}}},{"address":"aws_route_table_association.private_db[1]","mode":"managed","type":"aws_route_table_association","name":"private_db","index":1,"provider_name":"registry.terraform.io/hashicorp/aws","change":{"actions":["create"],"before":null,"after":{"gateway_id":null,"timeouts":null},"after_unknown":{"id":true,"route_table_id":true,"subnet_id":true},"before_sensitive":false,"after_sensitive":{}}},{"address":"aws_route_table_association.public[0]","mode":"managed","type":"aws_route_table_association","name":"public","index":0,"provider_name":"registry.terraform.io/hashicorp/aws","change":{"actions":["create"],"before":null,"after":{"gateway_id":null,"timeouts":null},"after_unknown":{"id":true,"route_table_id":true,"subnet_id":true},"before_sensitive":false,"after_sensitive":{}}},{"address":"aws_route_table_association.public[1]","mode":"managed","type":"aws_route_table_association","name":"public","index":1,"provider_name":"registry.terraform.io/hashicorp/aws","change":{"actions":["create"],"before":null,"after":{"gateway_id":null,"timeouts":null},"after_unknown":{"id":true,"route_table_id":true,"subnet_id":true},"before_sensitive":false,"after_sensitive":{}}},{"address":"aws_secretsmanager_secret.app","mode":"managed","type":"aws_secretsmanager_secret","name":"app","provider_name":"registry.terraform.io/hashicorp/aws","change":{"actions":["create"],"before":null,"after":{"description":null,"force_overwrite_replica_secret":false,"kms_key_id":null,"name":"url-shortener-dev/app","recovery_window_in_days":7,"tags":null,"tags_all":{"Environment":"dev","ManagedBy":"terraform","Project":"url-shortener"}},"after_unknown":{"arn":true,"id":true,"name_prefix":true,"policy":true,"replica":true,"tags_all":{}},"before_sensitive":false,"after_sensitive":{"replica":[],"tags_all":{}}}},{"address":"aws_secretsmanager_secret.db","mode":"managed","type":"aws_secretsmanager_secret","name":"db","provider_name":"registry.terraform.io/hashicorp/aws","change":{"actions":["create"],"before":null,"after":{"description":null,"force_overwrite_replica_secret":false,"kms_key_id":null,"name":"url-shortener-dev/db","recovery_window_in_days":7,"tags":null,"tags_all":{"Environment":"dev","ManagedBy":"terraform","Project":"url-shortener"}},"after_unknown":{"arn":true,"id":true,"name_prefix":true,"policy":true,"replica":true,"tags_all":{}},"before_sensitive":false,"after_sensitive":{"replica":[],"tags_all":{}}}},{"address":"aws_secretsmanager_secret_version.app","mode":"managed","type":"aws_secretsmanager_secret_version","name":"app","provider_name":"registry.terraform.io/hashicorp/aws","change":{"actions":["create"],"before":null,"after":{"secret_binary":null,"secret_string_wo":null,"secret_string_wo_version":null},"after_unknown":{"arn":true,"has_secret_string_wo":true,"id":true,"secret_id":true,"secret_string":true,"version_id":true,"version_stages":true},"before_sensitive":false,"after_sensitive":{"secret_binary":true,"secret_string":true,"secret_string_wo":true,"version_stages":[]}}},{"address":"aws_secretsmanager_secret_version.db","mode":"managed","type":"aws_secretsmanager_secret_version","name":"db","provider_name":"registry.terraform.io/hashicorp/aws","change":{"actions":["create"],"before":null,"after":{"secret_binary":null,"secret_string_wo":null,"secret_string_wo_version":null},"after_unknown":{"arn":true,"has_secret_string_wo":true,"id":true,"secret_id":true,"secret_string":true,"version_id":true,"version_stages":true},"before_sensitive":false,"after_sensitive":{"secret_binary":true,"secret_string":true,"secret_string_wo":true,"version_stages":[]}}},{"address":"aws_security_group.alb","mode":"managed","type":"aws_security_group","name":"alb","provider_name":"registry.terraform.io/hashicorp/aws","change":{"actions":["create"],"before":null,"after":{"description":"ALB security group","egress":[{"cidr_blocks":["0.0.0.0/0"],"description":"To targets","from_port":0,"ipv6_cidr_blocks":[],"prefix_list_ids":[],"protocol":"-1","security_groups":[],"self":false,"to_port":0}],"ingress":[{"cidr_blocks":["0.0.0.0/0"],"description":"HTTP from internet (redirect to HTTPS)","from_port":80,"ipv6_cidr_blocks":[],"prefix_list_ids":[],"protocol":"tcp","security_groups":[],"self":false,"to_port":80},{"cidr_blocks":["0.0.0.0/0"],"description":"HTTPS from internet","from_port":443,"ipv6_cidr_blocks":[],"prefix_list_ids":[],"protocol":"tcp","security_groups":[],"self":false,"to_port":443}],"name":"url-shortener-dev-alb","revoke_rules_on_delete":false,"tags":null,"tags_all":{"Environment":"dev","ManagedBy":"terraform","Project":"url-shortener"},"timeouts":null},"after_unknown":{"arn":true,"egress":[{"cidr_blocks":[false],"ipv6_cidr_blocks":[],"prefix_list_ids":[],"security_groups":[]}],"id":true,"ingress":[{"cidr_blocks":[false],"ipv6_cidr_blocks":[],"prefix_list_ids":[],"security_groups":[]},{"cidr_blocks":[false],"ipv6_cidr_blocks":[],"prefix_list_ids":[],"security_groups":[]}],"name_prefix":true,"owner_id":true,"tags_all":{},"vpc_id":true},"before_sensitive":false,"after_sensitive":{"egress":[{"cidr_blocks":[false],"ipv6_cidr_blocks":[],"prefix_list_ids":[],"security_groups":[]}],"ingress":[{"cidr_blocks":[false],"ipv6_cidr_blocks":[],"prefix_list_ids":[],"security_groups":[]},{"cidr_blocks":[false],"ipv6_cidr_blocks":[],"prefix_list_ids":[],"security_groups":[]}],"tags_all":{}}}},{"address":"aws_security_group.app","mode":"managed","type":"aws_security_group","name":"app","provider_name":"registry.terraform.io/hashicorp/aws","change":{"actions":["create"],"before":null,"after":{"description":"ECS tasks security group","egress":[{"cidr_blocks":["0.0.0.0/0"],"description":"All egress (NAT)","from_port":0,"ipv6_cidr_blocks":[],"prefix_list_ids":[],"protocol":"-1","security_groups":[],"self":false,"to_port":0}],"ingress":[{"cidr_blocks":[],"description":"From ALB","from_port":5000,"ipv6_cidr_blocks":[],"prefix_list_ids":[],"protocol":"tcp","self":false,"to_port":5000}],"name":"url-shortener-dev-app","revoke_rules_on_delete":false,"tags":null,"tags_all":{"Environment":"dev","ManagedBy":"terraform","Project":"url-shortener"},"timeouts":null},"after_unknown":{"arn":true,"egress":[{"cidr_blocks":[false],"ipv6_cidr_blocks":[],"prefix_list_ids":[],"security_groups":[]}],"id":true,"ingress":[{"cidr_blocks":[],"ipv6_cidr_blocks":[],"prefix_list_ids":[],"security_groups":true}],"name_prefix":true,"owner_id":true,"tags_all":{},"vpc_id":true},"before_sensitive":false,"after_sensitive":{"egress":[{"cidr_blocks":[false],"ipv6_cidr_blocks":[],"prefix_list_ids":[],"security_groups":[]}],"ingress":[{"cidr_blocks":[],"ipv6_cidr_blocks":[],"prefix_list_ids":[],"security_groups":[]}],"tags_all":{}}}},{"address":"aws_security_group.db","mode":"managed","type":"aws_security_group","name":"db","provider_name":"registry.terraform.io/hashicorp/aws","change":{"actions":["create"],"before":null,"after":{"description":"RDS security group","egress":[{"cidr_blocks":["0.0.0.0/0"],"description":"All egress","from_port":0,"ipv6_cidr_blocks":[],"prefix_list_ids":[],"protocol":"-1","security_groups":[],"self":false,"to_port":0}],"ingress":[{"cidr_blocks":[],"description":"Postgres from app","from_port":5432,"ipv6_cidr_blocks":[],"prefix_list_ids":[],"protocol":"tcp","self":false,"to_port":5432}],"name":"url-shortener-dev-db","revoke_rules_on_delete":false,"tags":null,"tags_all":{"Environment":"dev","ManagedBy":"terraform","Project":"url-shortener"},"timeouts":null},"after_unknown":{"arn":true,"egress":[{"cidr_blocks":[false],"ipv6_cidr_blocks":[],"prefix_list_ids":[],"security_groups":[]}],"id":true,"ingress":[{"cidr_blocks":[],"ipv6_cidr_blocks":[],"prefix_list_ids":[],"security_groups":true}],"name_prefix":true,"owner_id":true,"tags_all":{},"vpc_id":true},"before_sensitive":false,"after_sensitive":{"egress":[{"cidr_blocks":[false],"ipv6_cidr_blocks":[],"prefix_list_ids":[],"security_groups":[]}],"ingress":[{"cidr_blocks":[],"ipv6_cidr_blocks":[],"prefix_list_ids":[],"security_groups":[]}],"tags_all":{}}}},{"address":"aws_subnet.private_app[0]","mode":"managed","type":"aws_subnet","name":"private_app","index":0,"provider_name":"registry.terraform.io/hashicorp/aws","change":{"actions":["create"],"before":null,"after":{"assign_ipv6_address_on_creation":false,"availability_zone":"us-east-1a","cidr_block":"10.0.10.0/24","customer_owned_ipv4_pool":null,"enable_dns64":false,"enable_lni_at_device_index":null,"enable_resource_name_dns_a_record_on_launch":false,"enable_resource_name_dns_aaaa_record_on_launch":false,"ipv6_cidr_block":null,"ipv6_native":false,"map_customer_owned_ip_on_launch":null,"map_public_ip_on_launch":false,"outpost_arn":null,"tags":{"Name":"url-shortener-dev-private-app-us-east-1a","Tier":"private-app"},"tags_all":{"Environment":"dev","ManagedBy":"terraform","Name":"url-shortener-dev-private-app-us-east-1a","Project":"url-shortener","Tier":"private-app"},"timeouts":null},"after_unknown":{"arn":true,"availability_zone_id":true,"id":true,"ipv6_cidr_block_association_id":true,"owner_id":true,"private_dns_hostname_type_on_launch":true,"tags":{},"tags_all":{},"vpc_id":true},"before_sensitive":false,"after_sensitive":{"tags":{},"tags_all":{}}}},{"address":"aws_subnet.private_app[1]","mode":"managed","type":"aws_subnet","name":"private_app","index":1,"provider_name":"registry.terraform.io/hashicorp/aws","change":{"actions":["create"],"before":null,"after":{"assign_ipv6_address_on_creation":false,"availability_zone":"us-east-1b","cidr_block":"10.0.11.0/24","customer_owned_ipv4_pool":null,"enable_dns64":false,"enable_lni_at_device_index":null,"enable_resource_name_dns_a_record_on_launch":false,"enable_resource_name_dns_aaaa_record_on_launch":false,"ipv6_cidr_block":null,"ipv6_native":false,"map_customer_owned_ip_on_launch":null,"map_public_ip_on_launch":false,"outpost_arn":null,"tags":{"Name":"url-shortener-dev-private-app-us-east-1b","Tier":"private-app"},"tags_all":{"Environment":"dev","ManagedBy":"terraform","Name":"url-shortener-dev-private-app-us-east-1b","Project":"url-shortener","Tier":"private-app"},"timeouts":null},"after_unknown":{"arn":true,"availability_zone_id":true,"id":true,"ipv6_cidr_block_association_id":true,"owner_id":true,"private_dns_hostname_type_on_launch":true,"tags":{},"tags_all":{},"vpc_id":true},"before_sensitive":false,"after_sensitive":{"tags":{},"tags_all":{}}}},{"address":"aws_subnet.private_db[0]","mode":"managed","type":"aws_subnet","name":"private_db","index":0,"provider_name":"registry.terraform.io/hashicorp/aws","change":{"actions":["create"],"before":null,"after":{"assign_ipv6_address_on_creation":false,"availability_zone":"us-east-1a","cidr_block":"10.0.20.0/24","customer_owned_ipv4_pool":null,"enable_dns64":false,"enable_lni_at_device_index":null,"enable_resource_name_dns_a_record_on_launch":false,"enable_resource_name_dns_aaaa_record_on_launch":false,"ipv6_cidr_block":null,"ipv6_native":false,"map_customer_owned_ip_on_launch":null,"map_public_ip_on_launch":false,"outpost_arn":null,"tags":{"Name":"url-shortener-dev-private-db-us-east-1a","Tier":"private-db"},"tags_all":{"Environment":"dev","ManagedBy":"terraform","Name":"url-shortener-dev-private-db-us-east-1a","Project":"url-shortener","Tier":"private-db"},"timeouts":null},"after_unknown":{"arn":true,"availability_zone_id":true,"id":true,"ipv6_cidr_block_association_id":true,"owner_id":true,"private_dns_hostname_type_on_launch":true,"tags":{},"tags_all":{},"vpc_id":true},"before_sensitive":false,"after_sensitive":{"tags":{},"tags_all":{}}}},{"address":"aws_subnet.private_db[1]","mode":"managed","type":"aws_subnet","name":"private_db","index":1,"provider_name":"registry.terraform.io/hashicorp/aws","change":{"actions":["create"],"before":null,"after":{"assign_ipv6_address_on_creation":false,"availability_zone":"us-east-1b","cidr_block":"10.0.21.0/24","customer_owned_ipv4_pool":null,"enable_dns64":false,"enable_lni_at_device_index":null,"enable_resource_name_dns_a_record_on_launch":false,"enable_resource_name_dns_aaaa_record_on_launch":false,"ipv6_cidr_block":null,"ipv6_native":false,"map_customer_owned_ip_on_launch":null,"map_public_ip_on_launch":false,"outpost_arn":null,"tags":{"Name":"url-shortener-dev-private-db-us-east-1b","Tier":"private-db"},"tags_all":{"Environment":"dev","ManagedBy":"terraform","Name":"url-shortener-dev-private-db-us-east-1b","Project":"url-shortener","Tier":"private-db"},"timeouts":null},"after_unknown":{"arn":true,"availability_zone_id":true,"id":true,"ipv6_cidr_block_association_id":true,"owner_id":true,"private_dns_hostname_type_on_launch":true,"tags":{},"tags_all":{},"vpc_id":true},"before_sensitive":false,"after_sensitive":{"tags":{},"tags_all":{}}}},{"address":"aws_subnet.public[0]","mode":"managed","type":"aws_subnet","name":"public","index":0,"provider_name":"registry.terraform.io/hashicorp/aws","change":{"actions":["create"],"before":null,"after":{"assign_ipv6_address_on_creation":false,"availability_zone":"us-east-1a","cidr_block":"10.0.0.0/24","customer_owned_ipv4_pool":null,"enable_dns64":false,"enable_lni_at_device_index":null,"enable_resource_name_dns_a_record_on_launch":false,"enable_resource_name_dns_aaaa_record_on_launch":false,"ipv6_cidr_block":null,"ipv6_native":false,"map_customer_owned_ip_on_launch":null,"map_public_ip_on_launch":true,"outpost_arn":null,"tags":{"Name":"url-shortener-dev-public-us-east-1a","Tier":"public"},"tags_all":{"Environment":"dev","ManagedBy":"terraform","Name":"url-shortener-dev-public-us-east-1a","Project":"url-shortener","Tier":"public"},"timeouts":null},"after_unknown":{"arn":true,"availability_zone_id":true,"id":true,"ipv6_cidr_block_association_id":true,"owner_id":true,"private_dns_hostname_type_on_launch":true,"tags":{},"tags_all":{},"vpc_id":true},"before_sensitive":false,"after_sensitive":{"tags":{},"tags_all":{}}}},{"address":"aws_subnet.public[1]","mode":"managed","type":"aws_subnet","name":"public","index":1,"provider_name":"registry.terraform.io/hashicorp/aws","change":{"actions":["create"],"before":null,"after":{"assign_ipv6_address_on_creation":false,"availability_zone":"us-east-1b","cidr_block":"10.0.1.0/24","customer_owned_ipv4_pool":null,"enable_dns64":false,"enable_lni_at_device_index":null,"enable_resource_name_dns_a_record_on_launch":false,"enable_resource_name_dns_aaaa_record_on_launch":false,"ipv6_cidr_block":null,"ipv6_native":false,"map_customer_owned_ip_on_launch":null,"map_public_ip_on_launch":true,"outpost_arn":null,"tags":{"Name":"url-shortener-dev-public-us-east-1b","Tier":"public"},"tags_all":{"Environment":"dev","ManagedBy":"terraform","Name":"url-shortener-dev-public-us-east-1b","Project":"url-shortener","Tier":"public"},"timeouts":null},"after_unknown":{"arn":true,"availability_zone_id":true,"id":true,"ipv6_cidr_block_association_id":true,"owner_id":true,"private_dns_hostname_type_on_launch":true,"tags":{},"tags_all":{},"vpc_id":true},"before_sensitive":false,"after_sensitive":{"tags":{},"tags_all":{}}}},{"address":"aws_vpc.this","mode":"managed","type":"aws_vpc","name":"this","provider_name":"registry.terraform.io/hashicorp/aws","change":{"actions":["create"],"before":null,"after":{"assign_generated_ipv6_cidr_block":null,"cidr_block":"10.0.0.0/16","enable_dns_hostnames":true,"enable_dns_support":true,"instance_tenancy":"default","ipv4_ipam_pool_id":null,"ipv4_netmask_length":null,"ipv6_ipam_pool_id":null,"ipv6_netmask_length":null,"tags":{"Name":"url-shortener-dev"},"tags_all":{"Environment":"dev","ManagedBy":"terraform","Name":"url-shortener-dev","Project":"url-shortener"}},"after_unknown":{"arn":true,"default_network_acl_id":true,"default_route_table_id":true,"default_security_group_id":true,"dhcp_options_id":true,"enable_network_address_usage_metrics":true,"id":true,"ipv6_association_id":true,"ipv6_cidr_block":true,"ipv6_cidr_block_network_border_group":true,"main_route_table_id":true,"owner_id":true,"tags":{},"tags_all":{}},"before_sensitive":false,"after_sensitive":{"tags":{},"tags_all":{}}}},{"address":"random_password.db","mode":"managed","type":"random_password","name":"db","provider_name":"registry.terraform.io/hashicorp/random","change":{"actions":["create"],"before":null,"after":{"keepers":null,"length":24,"lower":true,"min_lower":0,"min_numeric":0,"min_special":0,"min_upper":0,"number":true,"numeric":true,"override_special":null,"special":true,"upper":true},"after_unknown":{"bcrypt_hash":true,"id":true,"result":true},"before_sensitive":false,"after_sensitive":{"bcrypt_hash":true,"result":true}}},{"address":"random_password.secret_key","mode":"managed","type":"random_password","name":"secret_key","provider_name":"registry.terraform.io/hashicorp/random","change":{"actions":["create"],"before":null,"after":{"keepers":null,"length":48,"lower":true,"min_lower":0,"min_numeric":0,"min_special":0,"min_upper":0,"number":true,"numeric":true,"override_special":null,"special":true,"upper":true},"after_unknown":{"bcrypt_hash":true,"id":true,"result":true},"before_sensitive":false,"after_sensitive":{"bcrypt_hash":true,"result":true}}}],"output_changes":{"alb_dns_name":{"actions":["create"],"before":null,"after_unknown":true,"before_sensitive":false,"after_sensitive":false},"app_url":{"actions":["create"],"before":null,"after_unknown":true,"before_sensitive":false,"after_sensitive":false},"ecr_repository_url":{"actions":["create"],"before":null,"after_unknown":true,"before_sensitive":false,"after_sensitive":false},"rds_endpoint":{"actions":["create"],"before":null,"after_unknown":true,"before_sensitive":false,"after_sensitive":false},"secrets_manager_app_secret_arn":{"actions":["create"],"before":null,"after_unknown":true,"before_sensitive":false,"after_sensitive":false},"secrets_manager_db_secret_arn":{"actions":["create"],"before":null,"after_unknown":true,"before_sensitive":false,"after_sensitive":false}},"prior_state":{"format_version":"1.0","terraform_version":"1.13.5","values":{"root_module":{"resources":[{"address":"data.aws_availability_zones.available","mode":"data","type":"aws_availability_zones","name":"available","provider_name":"registry.terraform.io/hashicorp/aws","schema_version":0,"values":{"all_availability_zones":null,"exclude_names":null,"exclude_zone_ids":null,"filter":null,"group_names":[""],"id":"us-east-1","names":["us-east-1a","us-east-1b","us-east-1c","us-east-1d","us-east-1e","us-east-1f"],"state":"available","timeouts":null,"zone_ids":["use1-az6","use1-az1","use1-az2","use1-az4","use1-az3","use1-az5"]},"sensitive_values":{"group_names":[false],"names":[false,false,false,false,false,false],"zone_ids":[false,false,false,false,false,false]}},{"address":"data.aws_iam_policy_document.ecs_task_assume","mode":"data","type":"aws_iam_policy_document","name":"ecs_task_assume","provider_name":"registry.terraform.io/hashicorp/aws","schema_version":0,"values":{"id":"1077804475","json":"{\n  \"Version\": \"2012-10-17\",\n  \"Statement\": [\n    {\n      \"Effect\": \"Allow\",\n      \"Action\": \"sts:AssumeRole\",\n      \"Principal\": {\n        \"Service\": \"ecs-tasks.amazonaws.com\"\n      }\n    }\n  ]\n}","minified_json":"{\"Version\":\"2012-10-17\",\"Statement\":[{\"Effect\":\"Allow\",\"Action\":\"sts:AssumeRole\",\"Principal\":{\"Service\":\"ecs-tasks.amazonaws.com\"}}]}","override_json":null,"override_policy_documents":null,"policy_id":null,"source_json":null,"source_policy_documents":null,"statement":[{"actions":["sts:AssumeRole"],"condition":[],"effect":"Allow","not_actions":[],"not_principals":[],"not_resources":[],"principals":[{"identifiers":["ecs-tasks.amazonaws.com"],"type":"Service"}],"resources":[],"sid":""}],"version":"2012-10-17"},"sensitive_values":{"statement":[{"actions":[false],"condition":[],"not_actions":[],"not_principals":[],"not_resources":[],"principals":[{"identifiers":[false]}],"resources":[]}]}}]}}},"configuration":{"provider_config":{"aws":{"name":"aws","full_name":"registry.terraform.io/hashicorp/aws","version_constraint":"~\u003e 5.0","expressions":{"default_tags":[{"tags":{"references":["var.project_name","var.environment"]}}],"region":{"references":["var.aws_region"]}}},"random":{"name":"random","full_name":"registry.terraform.io/hashicorp/random","version_constraint":"~\u003e 3.6"}},"root_module":{"outputs":{"alb_dns_name":{"expression":{"references":["aws_lb.this.dns_name","aws_lb.this"]},"description":"Public ALB DNS name."},"app_url":{"expression":{"references":["var.domain_name","var.domain_name","aws_lb.this.dns_name","aws_lb.this"]},"description":"Application URL (domain if provided, else ALB DNS)."},"ecr_repository_url":{"expression":{"references":["aws_ecr_repository.app.repository_url","aws_ecr_repository.app"]},"description":"ECR repository URL (push your image here)."},"rds_endpoint":{"expression":{"references":["aws_db_instance.this.address","aws_db_instance.this"]},"description":"RDS endpoint address."},"secrets_manager_app_secret_arn":{"expression":{"references":["aws_secretsmanager_secret.app.arn","aws_secretsmanager_secret.app"]}},"secrets_manager_db_secret_arn":{"expression":{"references":["aws_secretsmanager_secret.db.arn","aws_secretsmanager_secret.db"]}}},"resources":[{"address":"aws_acm_certificate.this","mode":"managed","type":"aws_acm_certificate","name":"this","provider_config_key":"aws","expressions":{"domain_name":{"references":["var.domain_name"]},"validation_method":{"constant_value":"DNS"}},"schema_version":0,"count_expression":{"references":["var.domain_name","var.acm_certificate_arn"]}},{"address":"aws_acm_certificate_validation.this","mode":"managed","type":"aws_acm_certificate_validation","name":"this","provider_config_key":"aws","expressions":{"certificate_arn":{"references":["aws_acm_certificate.this[0].arn","aws_acm_certificate.this[0]","aws_acm_certificate.this"]},"validation_record_fqdns":{"references":["aws_route53_record.cert_validation[0].fqdn","aws_route53_record.cert_validation[0]","aws_route53_record.cert_validation"]}},"schema_version":0,"count_expression":{"references":["local.cert_dvo"]}},{"address":"aws_cloudwatch_log_group.app","mode":"managed","type":"aws_cloudwatch_log_group","name":"app","provider_config_key":"aws","expressions":{"name":{"references":["local.name_prefix"]},"retention_in_days":{"constant_value":30}},"schema_version":0},{"address":"aws_db_instance.this","mode":"managed","type":"aws_db_instance","name":"this","provider_config_key":"aws","expressions":{"allocated_storage":{"references":["var.db_allocated_storage"]},"apply_immediately":{"constant_value":true},"backup_retention_period":{"references":["var.db_backup_retention_days"]},"db_name":{"references":["var.db_name"]},"db_subnet_group_name":{"references":["aws_db_subnet_group.this.name","aws_db_subnet_group.this"]},"deletion_protection":{"references":["var.db_deletion_protection"]},"engine":{"constant_value":"postgres"},"engine_version":{"references":["var.db_engine_version"]},"identifier":{"references":["local.name_prefix"]},"instance_class":{"references":["var.db_instance_class"]},"multi_az":{"references":["var.db_multi_az"]},"parameter_group_name":{"references":["aws_db_parameter_group.this.name","aws_db_parameter_group.this"]},"password":{"references":["random_password.db.result","random_password.db"]},"publicly_accessible":{"constant_value":false},"skip_final_snapshot":{"references":["var.db_skip_final_snapshot"]},"storage_encrypted":{"constant_value":true},"username":{"references":["var.db_username"]},"vpc_security_group_ids":{"references":["aws_security_group.db.id","aws_security_group.db"]}},"schema_version":2},{"address":"aws_db_parameter_group.this","mode":"managed","type":"aws_db_parameter_group","name":"this","provider_config_key":"aws","expressions":{"family":{"constant_value":"postgres16"},"name":{"references":["local.name_prefix"]},"parameter":[{"name":{"constant_value":"log_min_duration_statement"},"value":{"constant_value":"500"}}]},"schema_version":0},{"address":"aws_db_subnet_group.this","mode":"managed","type":"aws_db_subnet_group","name":"this","provider_config_key":"aws","expressions":{"name":{"references":["local.name_prefix"]},"subnet_ids":{"references":["aws_subnet.private_db"]},"tags":{"references":["local.name_prefix"]}},"schema_version":0},{"address":"aws_ecr_repository.app","mode":"managed","type":"aws_ecr_repository","name":"app","provider_config_key":"aws","expressions":{"encryption_configuration":[{"encryption_type":{"constant_value":"AES256"}}],"image_scanning_configuration":[{"scan_on_push":{"constant_value":true}}],"image_tag_mutability":{"constant_value":"MUTABLE"},"name":{"references":["local.name_prefix"]}},"schema_version":0},{"address":"aws_ecs_cluster.this","mode":"managed","type":"aws_ecs_cluster","name":"this","provider_config_key":"aws","expressions":{"name":{"references":["local.name_prefix"]}},"schema_version":0},{"address":"aws_ecs_service.app","mode":"managed","type":"aws_ecs_service","name":"app","provider_config_key":"aws","expressions":{"cluster":{"references":["aws_ecs_cluster.this.id","aws_ecs_cluster.this"]},"desired_count":{"references":["var.desired_count"]},"launch_type":{"constant_value":"FARGATE"},"load_balancer":[{"container_name":{"constant_value":"app"},"container_port":{"references":["var.container_port"]},"target_group_arn":{"references":["aws_lb_target_group.app.arn","aws_lb_target_group.app"]}}],"name":{"references":["local.name_prefix"]},"network_configuration":[{"assign_public_ip":{"constant_value":false},"security_groups":{"references":["aws_security_group.app.id","aws_security_group.app"]},"subnets":{"references":["aws_subnet.private_app"]}}],"task_definition":{"references":["aws_ecs_task_definition.app.arn","aws_ecs_task_definition.app"]}},"schema_version":1,"depends_on":["aws_lb_listener.https","aws_lb_listener.http"]},{"address":"aws_ecs_task_definition.app","mode":"managed","type":"aws_ecs_task_definition","name":"app","provider_config_key":"aws","expressions":{"container_definitions":{"references":["local.effective_image_uri","var.container_port","var.container_port","local.sqlalchemy_database_uri","aws_secretsmanager_secret.app.arn","aws_secretsmanager_secret.app","aws_cloudwatch_log_group.app.name","aws_cloudwatch_log_group.app","var.aws_region"]},"cpu":{"references":["var.cpu"]},"execution_role_arn":{"references":["aws_iam_role.ecs_task_execution.arn","aws_iam_role.ecs_task_execution"]},"family":{"references":["local.name_prefix"]},"memory":{"references":["var.memory"]},"network_mode":{"constant_value":"awsvpc"},"requires_compatibilities":{"constant_value":["FARGATE"]},"task_role_arn":{"references":["aws_iam_role.ecs_task.arn","aws_iam_role.ecs_task"]}},"schema_version":1},{"address":"aws_eip.nat","mode":"managed","type":"aws_eip","name":"nat","provider_config_key":"aws","expressions":{"domain":{"constant_value":"vpc"},"tags":{"references":["local.name_prefix"]}},"schema_version":0},{"address":"aws_iam_role.ecs_task","mode":"managed","type":"aws_iam_role","name":"ecs_task","provider_config_key":"aws","expressions":{"assume_role_policy":{"references":["data.aws_iam_policy_document.ecs_task_assume.json","data.aws_iam_policy_document.ecs_task_assume"]},"name":{"references":["local.name_prefix"]}},"schema_version":0},{"address":"aws_iam_role.ecs_task_execution","mode":"managed","type":"aws_iam_role","name":"ecs_task_execution","provider_config_key":"aws","expressions":{"assume_role_policy":{"references":["data.aws_iam_policy_document.ecs_task_assume.json","data.aws_iam_policy_document.ecs_task_assume"]},"name":{"references":["local.name_prefix"]}},"schema_version":0},{"address":"aws_iam_role_policy.ecs_task_inline","mode":"managed","type":"aws_iam_role_policy","name":"ecs_task_inline","provider_config_key":"aws","expressions":{"name":{"references":["local.name_prefix"]},"policy":{"references":["data.aws_iam_policy_document.ecs_task_inline.json","data.aws_iam_policy_document.ecs_task_inline"]},"role":{"references":["aws_iam_role.ecs_task.id","aws_iam_role.ecs_task"]}},"schema_version":0},{"address":"aws_iam_role_policy_attachment.ecs_exec","mode":"managed","type":"aws_iam_role_policy_attachment","name":"ecs_exec","provider_config_key":"aws","expressions":{"policy_arn":{"constant_value":"arn:aws:iam::aws:policy/service-role/AmazonECSTaskExecutionRolePolicy"},"role":{"references":["aws_iam_role.ecs_task_execution.name","aws_iam_role.ecs_task_execution"]}},"schema_version":0},{"address":"aws_internet_gateway.this","mode":"managed","type":"aws_internet_gateway","name":"this","provider_config_key":"aws","expressions":{"tags":{"references":["local.name_prefix"]},"vpc_id":{"references":["aws_vpc.this.id","aws_vpc.this"]}},"schema_version":0},{"address":"aws_lb.this","mode":"managed","type":"aws_lb","name":"this","provider_config_key":"aws","expressions":{"internal":{"constant_value":false},"load_balancer_type":{"constant_value":"application"},"name":{"references":["local.name_prefix"]},"security_groups":{"references":["aws_security_group.alb.id","aws_security_group.alb"]},"subnets":{"references":["aws_subnet.public"]}},"schema_version":0},{"address":"aws_lb_listener.http","mode":"managed","type":"aws_lb_listener","name":"http","provider_config_key":"aws","expressions":{"default_action":[{"type":{"references":["local.effective_certificate_arn"]}}],"load_balancer_arn":{"references":["aws_lb.this.arn","aws_lb.this"]},"port":{"constant_value":80},"protocol":{"constant_value":"HTTP"}},"schema_version":0,"count_expression":{"references":["var.enable_http_redirect"]}},{"address":"aws_lb_listener.https","mode":"managed","type":"aws_lb_listener","name":"https","provider_config_key":"aws","expressions":{"certificate_arn":{"references":["local.effective_certificate_arn"]},"default_action":[{"target_group_arn":{"references":["aws_lb_target_group.app.arn","aws_lb_target_group.app"]},"type":{"constant_value":"forward"}}],"load_balancer_arn":{"references":["aws_lb.this.arn","aws_lb.this"]},"port":{"constant_value":443},"protocol":{"constant_value":"HTTPS"},"ssl_policy":{"constant_value":"ELBSecurityPolicy-TLS13-1-2-2021-06"}},"schema_version":0,"count_expression":{"references":["local.effective_certificate_arn"]}},{"address":"aws_lb_target_group.app","mode":"managed","type":"aws_lb_target_group","name":"app","provider_config_key":"aws","expressions":{"health_check":[{"enabled":{"constant_value":true},"healthy_threshold":{"constant_value":2},"interval":{"constant_value":30},"matcher":{"constant_value":"200-399"},"path":{"references":["var.health_check_path"]},"timeout":{"constant_value":5},"unhealthy_threshold":{"constant_value":3}}],"name":{"references":["local.name_prefix"]},"port":{"references":["var.container_port"]},"protocol":{"constant_value":"HTTP"},"target_type":{"constant_value":"ip"},"vpc_id":{"references":["aws_vpc.this.id","aws_vpc.this"]}},"schema_version":0},{"address":"aws_nat_gateway.this","mode":"managed","type":"aws_nat_gateway","name":"this","provider_config_key":"aws","expressions":{"allocation_id":{"references":["aws_eip.nat.id","aws_eip.nat"]},"subnet_id":{"references":["aws_subnet.public[0].id","aws_subnet.public[0]","aws_subnet.public"]},"tags":{"references":["local.name_prefix"]}},"schema_version":0,"depends_on":["aws_internet_gateway.this"]},{"address":"aws_route.private_default","mode":"managed","type":"aws_route","name":"private_default","provider_config_key":"aws","expressions":{"destination_cidr_block":{"constant_value":"0.0.0.0/0"},"nat_gateway_id":{"references":["aws_nat_gateway.this.id","aws_nat_gateway.this"]},"route_table_id":{"references":["aws_route_table.private.id","aws_route_table.private"]}},"schema_version":0},{"address":"aws_route.public_default","mode":"managed","type":"aws_route","name":"public_default","provider_config_key":"aws","expressions":{"destination_cidr_block":{"constant_value":"0.0.0.0/0"},"gateway_id":{"references":["aws_internet_gateway.this.id","aws_internet_gateway.this"]},"route_table_id":{"references":["aws_route_table.public.id","aws_route_table.public"]}},"schema_version":0},{"address":"aws_route53_record.app","mode":"managed","type":"aws_route53_record","name":"app","provider_config_key":"aws","expressions":{"alias":[{"evaluate_target_health":{"constant_value":true},"name":{"references":["aws_lb.this.dns_name","aws_lb.this"]},"zone_id":{"references":["aws_lb.this.zone_id","aws_lb.this"]}}],"name":{"references":["var.domain_name"]},"type":{"constant_value":"A"},"zone_id":{"references":["var.hosted_zone_id"]}},"schema_version":2,"count_expression":{"references":["var.domain_name"]}},{"address":"aws_route53_record.cert_validation","mode":"managed","type":"aws_route53_record","name":"cert_validation","provider_config_key":"aws","expressions":{"name":{"references":["local.cert_dvo.resource_record_name","local.cert_dvo"]},"records":{"references":["local.cert_dvo.resource_record_value","local.cert_dvo"]},"ttl":{"constant_value":60},"type":{"references":["local.cert_dvo.resource_record_type","local.cert_dvo"]},"zone_id":{"references":["var.hosted_zone_id"]}},"schema_version":2,"count_expression":{"references":["local.cert_dvo"]}},{"address":"aws_route_table.private","mode":"managed","type":"aws_route_table","name":"private","provider_config_key":"aws","expressions":{"tags":{"references":["local.name_prefix"]},"vpc_id":{"references":["aws_vpc.this.id","aws_vpc.this"]}},"schema_version":0},{"address":"aws_route_table.public","mode":"managed","type":"aws_route_table","name":"public","provider_config_key":"aws","expressions":{"tags":{"references":["local.name_prefix"]},"vpc_id":{"references":["aws_vpc.this.id","aws_vpc.this"]}},"schema_version":0},{"address":"aws_route_table_association.private_app","mode":"managed","type":"aws_route_table_association","name":"private_app","provider_config_key":"aws","expressions":{"route_table_id":{"references":["aws_route_table.private.id","aws_route_table.private"]},"subnet_id":{"references":["aws_subnet.private_app","count.index"]}},"schema_version":0,"count_expression":{"references":["aws_subnet.private_app"]}},{"address":"aws_route_table_association.private_db","mode":"managed","type":"aws_route_table_association","name":"private_db","provider_config_key":"aws","expressions":{"route_table_id":{"references":["aws_route_table.private.id","aws_route_table.private"]},"subnet_id":{"references":["aws_subnet.private_db","count.index"]}},"schema_version":0,"count_expression":{"references":["aws_subnet.private_db"]}},{"address":"aws_route_table_association.public","mode":"managed","type":"aws_route_table_association","name":"public","provider_config_key":"aws","expressions":{"route_table_id":{"references":["aws_route_table.public.id","aws_route_table.public"]},"subnet_id":{"references":["aws_subnet.public","count.index"]}},"schema_version":0,"count_expression":{"references":["aws_subnet.public"]}},{"address":"aws_secretsmanager_secret.app","mode":"managed","type":"aws_secretsmanager_secret","name":"app","provider_config_key":"aws","expressions":{"name":{"references":["local.name_prefix"]},"recovery_window_in_days":{"constant_value":7}},"schema_version":0},{"address":"aws_secretsmanager_secret.db","mode":"managed","type":"aws_secretsmanager_secret","name":"db","provider_config_key":"aws","expressions":{"name":{"references":["local.name_prefix"]},"recovery_window_in_days":{"constant_value":7}},"schema_version":0},{"address":"aws_secretsmanager_secret_version.app","mode":"managed","type":"aws_secretsmanager_secret_version","name":"app","provider_config_key":"aws","expressions":{"secret_id":{"references":["aws_secretsmanager_secret.app.id","aws_secretsmanager_secret.app"]},"secret_string":{"references":["random_password.secret_key.result","random_password.secret_key"]}},"schema_version":0},{"address":"aws_secretsmanager_secret_version.db","mode":"managed","type":"aws_secretsmanager_secret_version","name":"db","provider_config_key":"aws","expressions":{"secret_id":{"references":["aws_secretsmanager_secret.db.id","aws_secretsmanager_secret.db"]},"secret_string":{"references":["var.db_username","random_password.db.result","random_password.db","var.db_name"]}},"schema_version":0},{"address":"aws_security_group.alb","mode":"managed","type":"aws_security_group","name":"alb","provider_config_key":"aws","expressions":{"description":{"constant_value":"ALB security group"},"egress":{"constant_value":[{"cidr_blocks":["0.0.0.0/0"],"description":"To targets","from_port":0,"ipv6_cidr_blocks":null,"prefix_list_ids":null,"protocol":"-1","security_groups":null,"self":null,"to_port":0}]},"ingress":{"constant_value":[{"cidr_blocks":["0.0.0.0/0"],"description":"HTTPS from internet","from_port":443,"ipv6_cidr_blocks":null,"prefix_list_ids":null,"protocol":"tcp","security_groups":null,"self":null,"to_port":443}]},"name":{"references":["local.name_prefix"]},"vpc_id":{"references":["aws_vpc.this.id","aws_vpc.this"]}},"schema_version":1},{"address":"aws_security_group.app","mode":"managed","type":"aws_security_group","name":"app","provider_config_key":"aws","expressions":{"description":{"constant_value":"ECS tasks security group"},"egress":{"constant_value":[{"cidr_blocks":["0.0.0.0/0"],"description":"All egress (NAT)","from_port":0,"ipv6_cidr_blocks":null,"prefix_list_ids":null,"protocol":"-1","security_groups":null,"self":null,"to_port":0}]},"ingress":{"references":["aws_security_group.alb.id","aws_security_group.alb","var.container_port","var.container_port"]},"name":{"references":["local.name_prefix"]},"vpc_id":{"references":["aws_vpc.this.id","aws_vpc.this"]}},"schema_version":1},{"address":"aws_security_group.db","mode":"managed","type":"aws_security_group","name":"db","provider_config_key":"aws","expressions":{"description":{"constant_value":"RDS security group"},"egress":{"constant_value":[{"cidr_blocks":["0.0.0.0/0"],"description":"All egress","from_port":0,"ipv6_cidr_blocks":null,"prefix_list_ids":null,"protocol":"-1","security_groups":null,"self":null,"to_port":0}]},"ingress":{"references":["aws_security_group.app.id","aws_security_group.app"]},"name":{"references":["local.name_prefix"]},"vpc_id":{"references":["aws_vpc.this.id","aws_vpc.this"]}},"schema_version":1},{"address":"aws_subnet.private_app","mode":"managed","type":"aws_subnet","name":"private_app","provider_config_key":"aws","expressions":{"availability_zone":{"references":["local.azs","count.index"]},"cidr_block":{"references":["var.vpc_cidr","count.index"]},"tags":{"references":["local.name_prefix","local.azs","count.index"]},"vpc_id":{"references":["aws_vpc.this.id","aws_vpc.this"]}},"schema_version":1,"count_expression":{"references":["local.azs"]}},{"address":"aws_subnet.private_db","mode":"managed","type":"aws_subnet","name":"private_db","provider_config_key":"aws","expressions":{"availability_zone":{"references":["local.azs","count.index"]},"cidr_block":{"references":["var.vpc_cidr","count.index"]},"tags":{"references":["local.name_prefix","local.azs","count.index"]},"vpc_id":{"references":["aws_vpc.this.id","aws_vpc.this"]}},"schema_version":1,"count_expression":{"references":["local.azs"]}},{"address":"aws_subnet.public","mode":"managed","type":"aws_subnet","name":"public","provider_config_key":"aws","expressions":{"availability_zone":{"references":["local.azs","count.index"]},"cidr_block":{"references":["var.vpc_cidr","count.index"]},"map_public_ip_on_launch":{"constant_value":true},"tags":{"references":["local.name_prefix","local.azs","count.index"]},"vpc_id":{"references":["aws_vpc.this.id","aws_vpc.this"]}},"schema_version":1,"count_expression":{"references":["local.azs"]}},{"address":"aws_vpc.this","mode":"managed","type":"aws_vpc","name":"this","provider_config_key":"aws","expressions":{"cidr_block":{"references":["var.vpc_cidr"]},"enable_dns_hostnames":{"constant_value":true},"enable_dns_support":{"constant_value":true},"tags":{"references":["local.name_prefix"]}},"schema_version":1},{"address":"random_password.db","mode":"managed","type":"random_password","name":"db","provider_config_key":"random","expressions":{"length":{"constant_value":24},"special":{"constant_value":true}},"schema_version":3},{"address":"random_password.secret_key","mode":"managed","type":"random_password","name":"secret_key","provider_config_key":"random","expressions":{"length":{"constant_value":48},"special":{"constant_value":true}},"schema_version":3},{"address":"data.aws_availability_zones.available","mode":"data","type":"aws_availability_zones","name":"available","provider_config_key":"aws","expressions":{"state":{"constant_value":"available"}},"schema_version":0},{"address":"data.aws_iam_policy_document.ecs_task_assume","mode":"data","type":"aws_iam_policy_document","name":"ecs_task_assume","provider_config_key":"aws","expressions":{"statement":[{"actions":{"constant_value":["sts:AssumeRole"]},"effect":{"constant_value":"Allow"},"principals":[{"identifiers":{"constant_value":["ecs-tasks.amazonaws.com"]},"type":{"constant_value":"Service"}}]}]},"schema_version":0},{"address":"data.aws_iam_policy_document.ecs_task_inline","mode":"data","type":"aws_iam_policy_document","name":"ecs_task_inline","provider_config_key":"aws","expressions":{"statement":[{"actions":{"constant_value":["secretsmanager:GetSecretValue"]},"effect":{"constant_value":"Allow"},"resources":{"references":["aws_secretsmanager_secret.app.arn","aws_secretsmanager_secret.app","aws_secretsmanager_secret.db.arn","aws_secretsmanager_secret.db"]},"sid":{"constant_value":"ReadSecrets"}}]},"schema_version":0}],"variables":{"acm_certificate_arn":{"default":"","description":"Optional: existing ACM certificate ARN to use for HTTPS. If empty and domain_name is set, a DNS-validated cert will be created."},"aws_region":{"default":"us-east-1","description":"AWS region to deploy into."},"az_count":{"default":2,"description":"Number of AZs to use (2 recommended)."},"container_port":{"default":5000,"description":"Port the application listens on inside the container."},"cpu":{"default":256,"description":"Fargate task CPU units."},"db_allocated_storage":{"default":20,"description":"RDS allocated storage (GiB)."},"db_backup_retention_days":{"default":7,"description":"RDS backup retention in days."},"db_deletion_protection":{"default":false,"description":"Enable deletion protection on the DB."},"db_engine_version":{"default":"16.3","description":"PostgreSQL engine version."},"db_instance_class":{"default":"db.t4g.micro","description":"RDS instance class."},"db_multi_az":{"default":false,"description":"Whether to enable Multi-AZ for RDS."},"db_name":{"default":"urlshortener","description":"Initial database name."},"db_skip_final_snapshot":{"default":true,"description":"Skip final snapshot on destroy (dev=true, prod=false)."},"db_username":{"default":"appuser","description":"Master username for the database."},"desired_count":{"default":1,"description":"Desired number of ECS tasks."},"domain_name":{"default":"","description":"Optional: domain name to create Route53 record for (e.g., short.example.com). Leave empty to skip Route53/ACM."},"enable_http_redirect":{"default":true,"description":"If true, create an HTTP (80) listener that redirects to HTTPS (443)."},"environment":{"default":"dev","description":"Environment name (e.g., dev, staging, prod)."},"health_check_path":{"default":"/","description":"ALB target group health check path. Ensure your app serves this path."},"hosted_zone_id":{"default":"","description":"Optional: Route53 hosted zone ID for domain_name. Required if domain_name is set."},"image_uri":{"default":"","description":"Container image URI to deploy (e.g., \u003caccount\u003e.dkr.ecr.\u003cregion\u003e.amazonaws.com/repo:tag). If empty, uses the ECR repo created by this stack with tag 'latest'."},"memory":{"default":512,"description":"Fargate task memory (MiB)."},"project_name":{"default":"url-shortener","description":"Project/name prefix used for resource naming."},"vpc_cidr":{"default":"10.0.0.0/16","description":"CIDR block for the VPC."}}}},"relevant_attributes":[{"resource":"data.aws_availability_zones.available","attribute":["names"]},{"resource":"aws_iam_role.ecs_task_execution","attribute":["arn"]},{"resource":"data.aws_iam_policy_document.ecs_task_inline","attribute":["json"]},{"resource":"aws_security_group.app","attribute":["id"]},{"resource":"aws_cloudwatch_log_group.app","attribute":["name"]},{"resource":"aws_subnet.public[0]","attribute":["id"]},{"resource":"data.aws_iam_policy_document.ecs_task_assume","attribute":["json"]},{"resource":"aws_secretsmanager_secret.app","attribute":["arn"]},{"resource":"aws_acm_certificate.this[0]","attribute":["arn"]},{"resource":"aws_lb.this","attribute":["dns_name"]},{"resource":"aws_nat_gateway.this","attribute":["id"]},{"resource":"aws_db_instance.this","attribute":["port"]},{"resource":"aws_iam_role.ecs_task","attribute":["id"]},{"resource":"aws_secretsmanager_secret.db","attribute":["id"]},{"resource":"aws_db_subnet_group.this","attribute":["name"]},{"resource":"aws_route_table.public","attribute":["id"]},{"resource":"aws_ecs_cluster.this","attribute":["id"]},{"resource":"aws_db_parameter_group.this","attribute":["name"]},{"resource":"aws_lb_target_group.app","attribute":["arn"]},{"resource":"aws_iam_role.ecs_task","attribute":["arn"]},{"resource":"aws_lb.this","attribute":["arn"]},{"resource":"aws_subnet.public","attribute":[]},{"resource":"aws_vpc.this","attribute":["id"]},{"resource":"aws_eip.nat","attribute":["id"]},{"resource":"aws_secretsmanager_secret.app","attribute":["id"]},{"resource":"aws_iam_role.ecs_task_execution","attribute":["name"]},{"resource":"random_password.secret_key","attribute":["result"]},{"resource":"aws_route_table.private","attribute":["id"]},{"resource":"aws_acm_certificate.this","attribute":[]},{"resource":"aws_db_instance.this","attribute":["address"]},{"resource":"aws_ecr_repository.app","attribute":["repository_url"]},{"resource":"aws_ecs_task_definition.app","attribute":["arn"]},{"resource":"aws_subnet.private_db","attribute":[]},{"resource":"aws_internet_gateway.this","attribute":["id"]},{"resource":"aws_secretsmanager_secret.db","attribute":["arn"]},{"resource":"aws_security_group.alb","attribute":["id"]},{"resource":"aws_security_group.db","attribute":["id"]},{"resource":"aws_subnet.private_app","attribute":[]},{"resource":"random_password.db","attribute":["result"]}],"checks":[{"address":{"kind":"var","name":"az_count","to_display":"var.az_count"},"status":"pass","instances":[{"address":{"to_display":"var.az_count"},"status":"pass"}]}],"timestamp":"2026-01-26T21:22:12Z","applyable":true,"complete":true,"errored":false}
