{"format_version":"1.2","terraform_version":"1.13.5","variables":{"bucket_name":{"value":""},"tags":{"value":{}}},"planned_values":{"outputs":{"site_bucket_info":{"sensitive":false}},"root_module":{"resources":[{"address":"aws_s3_bucket.site_bucket","mode":"managed","type":"aws_s3_bucket","name":"site_bucket","provider_name":"registry.terraform.io/hashicorp/aws","schema_version":0,"values":{"force_destroy":true,"region":"us-east-1","tags":null,"timeouts":null},"sensitive_values":{"cors_rule":[],"grant":[],"lifecycle_rule":[],"logging":[],"object_lock_configuration":[],"replication_configuration":[],"server_side_encryption_configuration":[],"tags_all":{},"versioning":[],"website":[]},"identity_schema_version":0,"identity":{"account_id":null,"bucket":null,"region":null}},{"address":"aws_s3_bucket_acl.s3_bucket_acl","mode":"managed","type":"aws_s3_bucket_acl","name":"s3_bucket_acl","provider_name":"registry.terraform.io/hashicorp/aws","schema_version":0,"values":{"acl":"public-read","expected_bucket_owner":null,"region":"us-east-1"},"sensitive_values":{"access_control_policy":[]},"identity_schema_version":0,"identity":{"account_id":null,"acl":null,"bucket":null,"expected_bucket_owner":null,"region":null}},{"address":"aws_s3_bucket_policy.site_bucket_policy","mode":"managed","type":"aws_s3_bucket_policy","name":"site_bucket_policy","provider_name":"registry.terraform.io/hashicorp/aws","schema_version":0,"values":{"policy":"{\"Id\":\"bucket_policy\",\"Statement\":[{\"Action\":[\"s3:GetObject\"],\"Effect\":\"Allow\",\"Principal\":\"*\",\"Resource\":[\"arn:aws:s3:::/*\"],\"Sid\":\"PublicReadGetObject\"},{\"Action\":\"s3:PutObject\",\"Condition\":{\"StringNotEquals\":{\"s3:x-amz-server-side-encryption\":\"AES256\"}},\"Effect\":\"Deny\",\"Principal\":\"*\",\"Resource\":[\"arn:aws:s3:::\",\"arn:aws:s3:::/*\"],\"Sid\":\"DenyIncorrectEncryptionHeader\"},{\"Action\":\"s3:PutObject\",\"Condition\":{\"Null\":{\"s3:x-amz-server-side-encryption\":\"true\"}},\"Effect\":\"Deny\",\"Principal\":\"*\",\"Resource\":\"arn:aws:s3:::/*\",\"Sid\":\"DenyUnEncryptedObjectUploads\"}],\"Version\":\"2012-10-17\"}","region":"us-east-1"},"sensitive_values":{},"identity_schema_version":0,"identity":{"account_id":null,"bucket":null,"region":null}},{"address":"aws_s3_bucket_server_side_encryption_configuration.site_bucket_server_side_encryption","mode":"managed","type":"aws_s3_bucket_server_side_encryption_configuration","name":"site_bucket_server_side_encryption","provider_name":"registry.terraform.io/hashicorp/aws","schema_version":0,"values":{"expected_bucket_owner":null,"region":"us-east-1","rule":[{"apply_server_side_encryption_by_default":[{"kms_master_key_id":"","sse_algorithm":"AES256"}],"blocked_encryption_types":[],"bucket_key_enabled":false}]},"sensitive_values":{"rule":[{"apply_server_side_encryption_by_default":[{}],"blocked_encryption_types":[]}]},"identity_schema_version":0,"identity":{"account_id":null,"bucket":null,"expected_bucket_owner":null,"region":null}},{"address":"aws_s3_bucket_versioning.site_bucket_versioning","mode":"managed","type":"aws_s3_bucket_versioning","name":"site_bucket_versioning","provider_name":"registry.terraform.io/hashicorp/aws","schema_version":0,"values":{"expected_bucket_owner":null,"mfa":null,"region":"us-east-1","versioning_configuration":[{"status":"Disabled"}]},"sensitive_values":{"versioning_configuration":[{}]},"identity_schema_version":0,"identity":{"account_id":null,"bucket":null,"expected_bucket_owner":null,"region":null}},{"address":"aws_s3_bucket_website_configuration.site_bucket_website_configuration","mode":"managed","type":"aws_s3_bucket_website_configuration","name":"site_bucket_website_configuration","provider_name":"registry.terraform.io/hashicorp/aws","schema_version":0,"values":{"error_document":[{"key":"404.html"}],"expected_bucket_owner":null,"index_document":[{"suffix":"index.html"}],"redirect_all_requests_to":[],"region":"us-east-1"},"sensitive_values":{"error_document":[{}],"index_document":[{}],"redirect_all_requests_to":[],"routing_rule":[]},"identity_schema_version":0,"identity":{"account_id":null,"bucket":null,"expected_bucket_owner":null,"region":null}}]}},"resource_changes":[{"address":"aws_s3_bucket.site_bucket","mode":"managed","type":"aws_s3_bucket","name":"site_bucket","provider_name":"registry.terraform.io/hashicorp/aws","change":{"actions":["create"],"before":null,"after":{"force_destroy":true,"region":"us-east-1","tags":null,"timeouts":null},"after_unknown":{"acceleration_status":true,"acl":true,"arn":true,"bucket":true,"bucket_domain_name":true,"bucket_prefix":true,"bucket_region":true,"bucket_regional_domain_name":true,"cors_rule":true,"grant":true,"hosted_zone_id":true,"id":true,"lifecycle_rule":true,"logging":true,"object_lock_configuration":true,"object_lock_enabled":true,"policy":true,"replication_configuration":true,"request_payer":true,"server_side_encryption_configuration":true,"tags_all":true,"versioning":true,"website":true,"website_domain":true,"website_endpoint":true},"before_sensitive":false,"after_sensitive":{"cors_rule":[],"grant":[],"lifecycle_rule":[],"logging":[],"object_lock_configuration":[],"replication_configuration":[],"server_side_encryption_configuration":[],"tags_all":{},"versioning":[],"website":[]},"after_identity":{"account_id":null,"bucket":null,"region":null}}},{"address":"aws_s3_bucket_acl.s3_bucket_acl","mode":"managed","type":"aws_s3_bucket_acl","name":"s3_bucket_acl","provider_name":"registry.terraform.io/hashicorp/aws","change":{"actions":["create"],"before":null,"after":{"acl":"public-read","expected_bucket_owner":null,"region":"us-east-1"},"after_unknown":{"access_control_policy":true,"bucket":true,"id":true},"before_sensitive":false,"after_sensitive":{"access_control_policy":[]},"after_identity":{"account_id":null,"acl":null,"bucket":null,"expected_bucket_owner":null,"region":null}}},{"address":"aws_s3_bucket_policy.site_bucket_policy","mode":"managed","type":"aws_s3_bucket_policy","name":"site_bucket_policy","provider_name":"registry.terraform.io/hashicorp/aws","change":{"actions":["create"],"before":null,"after":{"policy":"{\"Id\":\"bucket_policy\",\"Statement\":[{\"Action\":[\"s3:GetObject\"],\"Effect\":\"Allow\",\"Principal\":\"*\",\"Resource\":[\"arn:aws:s3:::/*\"],\"Sid\":\"PublicReadGetObject\"},{\"Action\":\"s3:PutObject\",\"Condition\":{\"StringNotEquals\":{\"s3:x-amz-server-side-encryption\":\"AES256\"}},\"Effect\":\"Deny\",\"Principal\":\"*\",\"Resource\":[\"arn:aws:s3:::\",\"arn:aws:s3:::/*\"],\"Sid\":\"DenyIncorrectEncryptionHeader\"},{\"Action\":\"s3:PutObject\",\"Condition\":{\"Null\":{\"s3:x-amz-server-side-encryption\":\"true\"}},\"Effect\":\"Deny\",\"Principal\":\"*\",\"Resource\":\"arn:aws:s3:::/*\",\"Sid\":\"DenyUnEncryptedObjectUploads\"}],\"Version\":\"2012-10-17\"}","region":"us-east-1"},"after_unknown":{"bucket":true,"id":true},"before_sensitive":false,"after_sensitive":{},"after_identity":{"account_id":null,"bucket":null,"region":null}}},{"address":"aws_s3_bucket_server_side_encryption_configuration.site_bucket_server_side_encryption","mode":"managed","type":"aws_s3_bucket_server_side_encryption_configuration","name":"site_bucket_server_side_encryption","provider_name":"registry.terraform.io/hashicorp/aws","change":{"actions":["create"],"before":null,"after":{"expected_bucket_owner":null,"region":"us-east-1","rule":[{"apply_server_side_encryption_by_default":[{"kms_master_key_id":"","sse_algorithm":"AES256"}],"blocked_encryption_types":[],"bucket_key_enabled":false}]},"after_unknown":{"bucket":true,"id":true,"rule":[{"apply_server_side_encryption_by_default":[{}],"blocked_encryption_types":[]}]},"before_sensitive":false,"after_sensitive":{"rule":[{"apply_server_side_encryption_by_default":[{}],"blocked_encryption_types":[]}]},"after_identity":{"account_id":null,"bucket":null,"expected_bucket_owner":null,"region":null}}},{"address":"aws_s3_bucket_versioning.site_bucket_versioning","mode":"managed","type":"aws_s3_bucket_versioning","name":"site_bucket_versioning","provider_name":"registry.terraform.io/hashicorp/aws","change":{"actions":["create"],"before":null,"after":{"expected_bucket_owner":null,"mfa":null,"region":"us-east-1","versioning_configuration":[{"status":"Disabled"}]},"after_unknown":{"bucket":true,"id":true,"versioning_configuration":[{"mfa_delete":true}]},"before_sensitive":false,"after_sensitive":{"versioning_configuration":[{}]},"after_identity":{"account_id":null,"bucket":null,"expected_bucket_owner":null,"region":null}}},{"address":"aws_s3_bucket_website_configuration.site_bucket_website_configuration","mode":"managed","type":"aws_s3_bucket_website_configuration","name":"site_bucket_website_configuration","provider_name":"registry.terraform.io/hashicorp/aws","change":{"actions":["create"],"before":null,"after":{"error_document":[{"key":"404.html"}],"expected_bucket_owner":null,"index_document":[{"suffix":"index.html"}],"redirect_all_requests_to":[],"region":"us-east-1"},"after_unknown":{"bucket":true,"error_document":[{}],"id":true,"index_document":[{}],"redirect_all_requests_to":[],"routing_rule":true,"routing_rules":true,"website_domain":true,"website_endpoint":true},"before_sensitive":false,"after_sensitive":{"error_document":[{}],"index_document":[{}],"redirect_all_requests_to":[],"routing_rule":[]},"after_identity":{"account_id":null,"bucket":null,"expected_bucket_owner":null,"region":null}}}],"output_changes":{"site_bucket_info":{"actions":["create"],"before":null,"after":{},"after_unknown":{"arn":true,"id":true,"website_endpoint":true},"before_sensitive":false,"after_sensitive":false}},"configuration":{"provider_config":{"aws":{"name":"aws","full_name":"registry.terraform.io/hashicorp/aws","version_constraint":"\u003e= 4.6.0","expressions":{"access_key":{"constant_value":"mock"},"endpoints":[{"apigateway":{"constant_value":"http://localhost:4566"},"apigatewayv2":{"constant_value":"http://localhost:4566"},"cloudwatch":{"constant_value":"http://localhost:4566"},"cloudwatchevents":{"constant_value":"http://localhost:4566"},"dynamodb":{"constant_value":"http://localhost:4566"},"ec2":{"constant_value":"http://localhost:4566"},"ecr":{"constant_value":"http://localhost:4566"},"ecrpublic":{"constant_value":"http://localhost:4566"},"ecs":{"constant_value":"http://localhost:4566"},"efs":{"constant_value":"http://localhost:4566"},"iam":{"constant_value":"http://localhost:4566"},"kinesis":{"constant_value":"http://localhost:4566"},"kms":{"constant_value":"http://localhost:4566"},"lambda":{"constant_value":"http://localhost:4566"},"logs":{"constant_value":"http://localhost:4566"},"route53":{"constant_value":"http://localhost:4566"},"s3":{"constant_value":"http://localhost:4566"},"s3control":{"constant_value":"http://localhost:4566"},"secretsmanager":{"constant_value":"http://localhost:4566"},"sns":{"constant_value":"http://localhost:4566"},"sqs":{"constant_value":"http://localhost:4566"},"ssm":{"constant_value":"http://localhost:4566"},"sts":{"constant_value":"http://localhost:4566"}}],"region":{"constant_value":"us-east-1"},"s3_use_path_style":{"constant_value":true},"secret_key":{"constant_value":"mock"},"skip_credentials_validation":{"constant_value":true},"skip_metadata_api_check":{"constant_value":true},"skip_region_validation":{"constant_value":true},"skip_requesting_account_id":{"constant_value":true}}}},"root_module":{"outputs":{"site_bucket_info":{"expression":{"references":["aws_s3_bucket.site_bucket.arn","aws_s3_bucket.site_bucket","aws_s3_bucket.site_bucket.id","aws_s3_bucket.site_bucket","aws_s3_bucket_website_configuration.site_bucket_website_configuration.website_endpoint","aws_s3_bucket_website_configuration.site_bucket_website_configuration"]},"description":"Map containing the site bucket's arn, id, and website endpoint"}},"resources":[{"address":"aws_s3_bucket.site_bucket","mode":"managed","type":"aws_s3_bucket","name":"site_bucket","provider_config_key":"aws","expressions":{"bucket":{"references":["var.bucket_name"]},"force_destroy":{"constant_value":true},"tags":{"references":["var.tags"]}},"schema_version":0},{"address":"aws_s3_bucket_acl.s3_bucket_acl","mode":"managed","type":"aws_s3_bucket_acl","name":"s3_bucket_acl","provider_config_key":"aws","expressions":{"acl":{"constant_value":"public-read"},"bucket":{"references":["aws_s3_bucket.site_bucket.id","aws_s3_bucket.site_bucket"]}},"schema_version":0},{"address":"aws_s3_bucket_policy.site_bucket_policy","mode":"managed","type":"aws_s3_bucket_policy","name":"site_bucket_policy","provider_config_key":"aws","expressions":{"bucket":{"references":["aws_s3_bucket.site_bucket.id","aws_s3_bucket.site_bucket"]},"policy":{"references":["path.module","var.bucket_name"]}},"schema_version":0},{"address":"aws_s3_bucket_server_side_encryption_configuration.site_bucket_server_side_encryption","mode":"managed","type":"aws_s3_bucket_server_side_encryption_configuration","name":"site_bucket_server_side_encryption","provider_config_key":"aws","expressions":{"bucket":{"references":["aws_s3_bucket.site_bucket.id","aws_s3_bucket.site_bucket"]},"rule":[{"apply_server_side_encryption_by_default":[{"sse_algorithm":{"constant_value":"AES256"}}],"bucket_key_enabled":{"constant_value":false}}]},"schema_version":0},{"address":"aws_s3_bucket_versioning.site_bucket_versioning","mode":"managed","type":"aws_s3_bucket_versioning","name":"site_bucket_versioning","provider_config_key":"aws","expressions":{"bucket":{"references":["aws_s3_bucket.site_bucket.id","aws_s3_bucket.site_bucket"]},"versioning_configuration":[{"status":{"constant_value":"Disabled"}}]},"schema_version":0},{"address":"aws_s3_bucket_website_configuration.site_bucket_website_configuration","mode":"managed","type":"aws_s3_bucket_website_configuration","name":"site_bucket_website_configuration","provider_config_key":"aws","expressions":{"bucket":{"references":["aws_s3_bucket.site_bucket.bucket","aws_s3_bucket.site_bucket"]},"error_document":[{"key":{"constant_value":"404.html"}}],"index_document":[{"suffix":{"constant_value":"index.html"}}]},"schema_version":0}],"variables":{"bucket_name":{"default":"","description":"Name of the S3 bucket for simple website.  Must be unique in S3."},"tags":{"default":{},"description":"Tags to set"}}}},"relevant_attributes":[{"resource":"aws_s3_bucket.site_bucket","attribute":["bucket"]},{"resource":"aws_s3_bucket.site_bucket","attribute":["arn"]},{"resource":"aws_s3_bucket.site_bucket","attribute":["id"]},{"resource":"aws_s3_bucket_website_configuration.site_bucket_website_configuration","attribute":["website_endpoint"]}],"timestamp":"2026-01-22T20:07:46Z","applyable":true,"complete":true,"errored":false}
