{"format_version":"1.2","terraform_version":"1.13.5","variables":{"aws_region":{"value":"us-east-1"},"environment":{"value":"dev"},"namespace":{"value":"607872658"}},"planned_values":{"root_module":{"resources":[{"address":"aws_cloudwatch_event_rule.this","mode":"managed","type":"aws_cloudwatch_event_rule","name":"this","provider_name":"registry.terraform.io/hashicorp/aws","schema_version":1,"values":{"description":"To invoke the 607872658-dev-ssm-parameter-store-backup Lambda function once daily.","event_bus_name":"default","event_pattern":null,"force_destroy":false,"is_enabled":null,"name":"607872658-dev-ssm-parameter-store-backup-rule","region":"us-east-1","role_arn":null,"schedule_expression":"rate(1 day)","state":null,"tags":null,"tags_all":{"Project":"607872658"}},"sensitive_values":{"tags_all":{}},"identity_schema_version":0,"identity":{"account_id":null,"name":null,"region":null}},{"address":"aws_cloudwatch_event_target.this","mode":"managed","type":"aws_cloudwatch_event_target","name":"this","provider_name":"registry.terraform.io/hashicorp/aws","schema_version":1,"values":{"appsync_target":[],"batch_target":[],"dead_letter_config":[],"ecs_target":[],"event_bus_name":"default","force_destroy":false,"http_target":[],"input":null,"input_path":null,"input_transformer":[],"kinesis_target":[],"redshift_target":[],"region":"us-east-1","retry_policy":[],"role_arn":null,"rule":"607872658-dev-ssm-parameter-store-backup-rule","run_command_targets":[],"sagemaker_pipeline_target":[],"sqs_target":[],"target_id":"InvokeSSMLambda"},"sensitive_values":{"appsync_target":[],"batch_target":[],"dead_letter_config":[],"ecs_target":[],"http_target":[],"input_transformer":[],"kinesis_target":[],"redshift_target":[],"retry_policy":[],"run_command_targets":[],"sagemaker_pipeline_target":[],"sqs_target":[]},"identity_schema_version":0,"identity":{"account_id":null,"event_bus_name":null,"region":null,"rule":null,"target_id":null}},{"address":"aws_iam_policy.this","mode":"managed","type":"aws_iam_policy","name":"this","provider_name":"registry.terraform.io/hashicorp/aws","schema_version":0,"values":{"description":null,"name":"607872658-dev-ssm-parameter-store-backup-policy","path":"/","policy":"{\"Statement\":[{\"Action\":[\"ssm:DescribeParameters\",\"ssm:GetParameterHistory\",\"ssm:GetParametersByPath\",\"ssm:GetParameters\",\"ssm:GetParameter\"],\"Effect\":\"Allow\",\"Resource\":\"*\"},{\"Action\":[\"logs:CreateLogGroup\",\"logs:CreateLogStream\",\"logs:PutLogEvents\"],\"Effect\":\"Allow\",\"Resource\":\"*\"},{\"Action\":[\"s3:ListAllMyBuckets\"],\"Effect\":\"Allow\",\"Resource\":\"arn:aws:s3:::*\"},{\"Action\":[\"s3:ListBucket\",\"s3:ListBucketMultipartUploads\",\"s3:GetBucketLocation\",\"s3:AbortMultipartUpload\",\"s3:GetObjectAcl\",\"s3:GetObjectVersion\",\"s3:DeleteObject\",\"s3:DeleteObjectVersion\",\"s3:GetObject\",\"s3:PutObjectAcl\",\"s3:PutObject\",\"s3:GetObjectVersionAcl\"],\"Effect\":\"Allow\",\"Resource\":[\"arn:aws:s3:::607872658-dev-ssm-parameter-store-backups-bucket\",\"arn:aws:s3:::607872658-dev-ssm-parameter-store-backups-bucket/*\"]},{\"Action\":[\"kms:Encrypt\",\"kms:Decrypt\",\"kms:GenerateDataKey\"],\"Effect\":\"Allow\",\"Resource\":[\"arn:aws:kms:us-east-1:000000000000:key/49cf73b9-85d6-4097-9a2f-aee1e09dbe22\",\"arn:aws:kms:us-east-1:000000000000:key/ac034be6-87d9-4191-a39e-d91da5c9e4c2\"]}],\"Version\":\"2012-10-17\"}","tags":null,"tags_all":{"Project":"607872658"}},"sensitive_values":{"tags_all":{}},"identity_schema_version":0,"identity":{"arn":null}},{"address":"aws_iam_role.this","mode":"managed","type":"aws_iam_role","name":"this","provider_name":"registry.terraform.io/hashicorp/aws","schema_version":0,"values":{"assume_role_policy":"{\"Statement\":[{\"Action\":\"sts:AssumeRole\",\"Effect\":\"Allow\",\"Principal\":{\"Service\":\"lambda.amazonaws.com\"}}],\"Version\":\"2012-10-17\"}","description":null,"force_detach_policies":false,"max_session_duration":3600,"name":"607872658-dev-ssm-parameter-store-backup-role","path":"/","permissions_boundary":null,"tags":null,"tags_all":{"Project":"607872658"}},"sensitive_values":{"inline_policy":[],"managed_policy_arns":[],"tags_all":{}},"identity_schema_version":0,"identity":{"account_id":null,"name":null}},{"address":"aws_lambda_function.this","mode":"managed","type":"aws_lambda_function","name":"this","provider_name":"registry.terraform.io/hashicorp/aws","schema_version":0,"values":{"capacity_provider_config":[],"code_signing_config_arn":null,"dead_letter_config":[],"description":"To take backup in the `.json` format of all the parameters residing on AWS SSM Parameter Store and store it on an AWS S3 bucket.","durable_config":[],"environment":[{"variables":{"KMS_KEY_ARN":"arn:aws:kms:us-east-1:000000000000:key/ac034be6-87d9-4191-a39e-d91da5c9e4c2","S3_BUCKET":"607872658-dev-ssm-parameter-store-backups-bucket"}}],"file_system_config":[],"filename":"./ssm_backup.zip","function_name":"607872658-dev-ssm-parameter-store-backup","handler":"ssm_backup.lambda_handler","image_config":[],"image_uri":null,"kms_key_arn":null,"layers":null,"memory_size":128,"package_type":"Zip","publish":false,"publish_to":null,"region":"us-east-1","replace_security_groups_on_destroy":null,"replacement_security_group_ids":null,"reserved_concurrent_executions":-1,"runtime":"python3.9","s3_bucket":null,"s3_key":null,"s3_object_version":null,"skip_destroy":false,"snap_start":[],"source_kms_key_arn":null,"tags":null,"tags_all":{"Project":"607872658"},"tenancy_config":[],"timeout":120,"timeouts":null,"vpc_config":[]},"sensitive_values":{"architectures":[],"capacity_provider_config":[],"dead_letter_config":[],"durable_config":[],"environment":[{"variables":{}}],"ephemeral_storage":[],"file_system_config":[],"image_config":[],"logging_config":[],"snap_start":[],"tags_all":{},"tenancy_config":[],"tracing_config":[],"vpc_config":[]},"identity_schema_version":0,"identity":{"account_id":null,"function_name":null,"region":null}},{"address":"aws_lambda_permission.cloudwatch","mode":"managed","type":"aws_lambda_permission","name":"cloudwatch","provider_name":"registry.terraform.io/hashicorp/aws","schema_version":0,"values":{"action":"lambda:InvokeFunction","event_source_token":null,"function_name":"607872658-dev-ssm-parameter-store-backup","function_url_auth_type":null,"principal":"events.amazonaws.com","principal_org_id":null,"qualifier":null,"region":"us-east-1","source_account":null,"statement_id":"AllowExecutionFromCloudWatch"},"sensitive_values":{},"identity_schema_version":0,"identity":{"account_id":null,"function_name":null,"qualifier":null,"region":null,"statement_id":null}},{"address":"aws_s3_bucket.this","mode":"managed","type":"aws_s3_bucket","name":"this","provider_name":"registry.terraform.io/hashicorp/aws","schema_version":0,"values":{"bucket":"607872658-dev-ssm-parameter-store-backups-bucket","force_destroy":false,"region":"us-east-1","tags":{"Environment":"dev","Name":"607872658-dev-ssm-parameter-store-backups-bucket"},"tags_all":{"Environment":"dev","Name":"607872658-dev-ssm-parameter-store-backups-bucket","Project":"607872658"},"timeouts":null},"sensitive_values":{"cors_rule":[],"grant":[],"lifecycle_rule":[],"logging":[],"object_lock_configuration":[],"replication_configuration":[],"server_side_encryption_configuration":[],"tags":{},"tags_all":{},"versioning":[],"website":[]},"identity_schema_version":0,"identity":{"account_id":null,"bucket":null,"region":null}},{"address":"aws_s3_bucket_acl.this","mode":"managed","type":"aws_s3_bucket_acl","name":"this","provider_name":"registry.terraform.io/hashicorp/aws","schema_version":0,"values":{"acl":"private","expected_bucket_owner":null,"region":"us-east-1"},"sensitive_values":{"access_control_policy":[]},"identity_schema_version":0,"identity":{"account_id":null,"acl":null,"bucket":null,"expected_bucket_owner":null,"region":null}},{"address":"aws_s3_bucket_lifecycle_configuration.this","mode":"managed","type":"aws_s3_bucket_lifecycle_configuration","name":"this","provider_name":"registry.terraform.io/hashicorp/aws","schema_version":1,"values":{"region":"us-east-1","rule":[{"abort_incomplete_multipart_upload":[],"expiration":[{"date":null,"days":365,"expired_object_delete_marker":false}],"filter":[{"and":[],"object_size_greater_than":null,"object_size_less_than":null,"prefix":"backups/","tag":[]}],"id":"backups","noncurrent_version_expiration":[],"noncurrent_version_transition":[],"prefix":"","status":"Enabled","transition":[{"date":null,"days":180,"storage_class":"DEEP_ARCHIVE"},{"date":null,"days":90,"storage_class":"GLACIER_IR"}]}],"timeouts":null,"transition_default_minimum_object_size":"all_storage_classes_128K"},"sensitive_values":{"rule":[{"abort_incomplete_multipart_upload":[],"expiration":[{}],"filter":[{"and":[],"tag":[]}],"noncurrent_version_expiration":[],"noncurrent_version_transition":[],"transition":[{},{}]}]}},{"address":"aws_s3_bucket_server_side_encryption_configuration.this","mode":"managed","type":"aws_s3_bucket_server_side_encryption_configuration","name":"this","provider_name":"registry.terraform.io/hashicorp/aws","schema_version":0,"values":{"expected_bucket_owner":null,"region":"us-east-1","rule":[{"apply_server_side_encryption_by_default":[{"kms_master_key_id":"arn:aws:kms:us-east-1:000000000000:key/ac034be6-87d9-4191-a39e-d91da5c9e4c2","sse_algorithm":"aws:kms"}],"blocked_encryption_types":[],"bucket_key_enabled":null}]},"sensitive_values":{"rule":[{"apply_server_side_encryption_by_default":[{}],"blocked_encryption_types":[]}]},"identity_schema_version":0,"identity":{"account_id":null,"bucket":null,"expected_bucket_owner":null,"region":null}},{"address":"data.archive_file.lambda","mode":"data","type":"archive_file","name":"lambda","provider_name":"registry.terraform.io/hashicorp/archive","schema_version":0,"values":{"exclude_symlink_directories":null,"excludes":null,"output_file_mode":"0666","output_path":"./ssm_backup.zip","source":[],"source_content":null,"source_content_filename":null,"source_dir":"./function/","source_file":null,"type":"zip"},"sensitive_values":{"source":[]}},{"address":"null_resource.local_package","mode":"managed","type":"null_resource","name":"local_package","provider_name":"registry.terraform.io/hashicorp/null","schema_version":0,"values":{"triggers":{}},"sensitive_values":{"triggers":{}}}]}},"resource_changes":[{"address":"data.archive_file.lambda","mode":"data","type":"archive_file","name":"lambda","provider_name":"registry.terraform.io/hashicorp/archive","change":{"actions":["read"],"before":null,"after":{"exclude_symlink_directories":null,"excludes":null,"output_file_mode":"0666","output_path":"./ssm_backup.zip","source":[],"source_content":null,"source_content_filename":null,"source_dir":"./function/","source_file":null,"type":"zip"},"after_unknown":{"id":true,"output_base64sha256":true,"output_base64sha512":true,"output_md5":true,"output_sha":true,"output_sha256":true,"output_sha512":true,"output_size":true,"source":[]},"before_sensitive":false,"after_sensitive":{"source":[]}},"action_reason":"read_because_dependency_pending"},{"address":"aws_cloudwatch_event_rule.this","mode":"managed","type":"aws_cloudwatch_event_rule","name":"this","provider_name":"registry.terraform.io/hashicorp/aws","change":{"actions":["create"],"before":null,"after":{"description":"To invoke the 607872658-dev-ssm-parameter-store-backup Lambda function once daily.","event_bus_name":"default","event_pattern":null,"force_destroy":false,"is_enabled":null,"name":"607872658-dev-ssm-parameter-store-backup-rule","region":"us-east-1","role_arn":null,"schedule_expression":"rate(1 day)","state":null,"tags":null,"tags_all":{"Project":"607872658"}},"after_unknown":{"arn":true,"id":true,"name_prefix":true,"tags_all":{}},"before_sensitive":false,"after_sensitive":{"tags_all":{}},"after_identity":{"account_id":null,"name":null,"region":null}}},{"address":"aws_cloudwatch_event_target.this","mode":"managed","type":"aws_cloudwatch_event_target","name":"this","provider_name":"registry.terraform.io/hashicorp/aws","change":{"actions":["create"],"before":null,"after":{"appsync_target":[],"batch_target":[],"dead_letter_config":[],"ecs_target":[],"event_bus_name":"default","force_destroy":false,"http_target":[],"input":null,"input_path":null,"input_transformer":[],"kinesis_target":[],"redshift_target":[],"region":"us-east-1","retry_policy":[],"role_arn":null,"rule":"607872658-dev-ssm-parameter-store-backup-rule","run_command_targets":[],"sagemaker_pipeline_target":[],"sqs_target":[],"target_id":"InvokeSSMLambda"},"after_unknown":{"appsync_target":[],"arn":true,"batch_target":[],"dead_letter_config":[],"ecs_target":[],"http_target":[],"id":true,"input_transformer":[],"kinesis_target":[],"redshift_target":[],"retry_policy":[],"run_command_targets":[],"sagemaker_pipeline_target":[],"sqs_target":[]},"before_sensitive":false,"after_sensitive":{"appsync_target":[],"batch_target":[],"dead_letter_config":[],"ecs_target":[],"http_target":[],"input_transformer":[],"kinesis_target":[],"redshift_target":[],"retry_policy":[],"run_command_targets":[],"sagemaker_pipeline_target":[],"sqs_target":[]},"after_identity":{"account_id":null,"event_bus_name":null,"region":null,"rule":null,"target_id":null}}},{"address":"aws_iam_policy.this","mode":"managed","type":"aws_iam_policy","name":"this","provider_name":"registry.terraform.io/hashicorp/aws","change":{"actions":["create"],"before":null,"after":{"description":null,"name":"607872658-dev-ssm-parameter-store-backup-policy","path":"/","policy":"{\"Statement\":[{\"Action\":[\"ssm:DescribeParameters\",\"ssm:GetParameterHistory\",\"ssm:GetParametersByPath\",\"ssm:GetParameters\",\"ssm:GetParameter\"],\"Effect\":\"Allow\",\"Resource\":\"*\"},{\"Action\":[\"logs:CreateLogGroup\",\"logs:CreateLogStream\",\"logs:PutLogEvents\"],\"Effect\":\"Allow\",\"Resource\":\"*\"},{\"Action\":[\"s3:ListAllMyBuckets\"],\"Effect\":\"Allow\",\"Resource\":\"arn:aws:s3:::*\"},{\"Action\":[\"s3:ListBucket\",\"s3:ListBucketMultipartUploads\",\"s3:GetBucketLocation\",\"s3:AbortMultipartUpload\",\"s3:GetObjectAcl\",\"s3:GetObjectVersion\",\"s3:DeleteObject\",\"s3:DeleteObjectVersion\",\"s3:GetObject\",\"s3:PutObjectAcl\",\"s3:PutObject\",\"s3:GetObjectVersionAcl\"],\"Effect\":\"Allow\",\"Resource\":[\"arn:aws:s3:::607872658-dev-ssm-parameter-store-backups-bucket\",\"arn:aws:s3:::607872658-dev-ssm-parameter-store-backups-bucket/*\"]},{\"Action\":[\"kms:Encrypt\",\"kms:Decrypt\",\"kms:GenerateDataKey\"],\"Effect\":\"Allow\",\"Resource\":[\"arn:aws:kms:us-east-1:000000000000:key/49cf73b9-85d6-4097-9a2f-aee1e09dbe22\",\"arn:aws:kms:us-east-1:000000000000:key/ac034be6-87d9-4191-a39e-d91da5c9e4c2\"]}],\"Version\":\"2012-10-17\"}","tags":null,"tags_all":{"Project":"607872658"}},"after_unknown":{"arn":true,"attachment_count":true,"id":true,"name_prefix":true,"policy_id":true,"tags_all":{}},"before_sensitive":false,"after_sensitive":{"tags_all":{}},"after_identity":{"arn":null}}},{"address":"aws_iam_role.this","mode":"managed","type":"aws_iam_role","name":"this","provider_name":"registry.terraform.io/hashicorp/aws","change":{"actions":["create"],"before":null,"after":{"assume_role_policy":"{\"Statement\":[{\"Action\":\"sts:AssumeRole\",\"Effect\":\"Allow\",\"Principal\":{\"Service\":\"lambda.amazonaws.com\"}}],\"Version\":\"2012-10-17\"}","description":null,"force_detach_policies":false,"max_session_duration":3600,"name":"607872658-dev-ssm-parameter-store-backup-role","path":"/","permissions_boundary":null,"tags":null,"tags_all":{"Project":"607872658"}},"after_unknown":{"arn":true,"create_date":true,"id":true,"inline_policy":true,"managed_policy_arns":true,"name_prefix":true,"tags_all":{},"unique_id":true},"before_sensitive":false,"after_sensitive":{"inline_policy":[],"managed_policy_arns":[],"tags_all":{}},"after_identity":{"account_id":null,"name":null}}},{"address":"aws_lambda_function.this","mode":"managed","type":"aws_lambda_function","name":"this","provider_name":"registry.terraform.io/hashicorp/aws","change":{"actions":["create"],"before":null,"after":{"capacity_provider_config":[],"code_signing_config_arn":null,"dead_letter_config":[],"description":"To take backup in the `.json` format of all the parameters residing on AWS SSM Parameter Store and store it on an AWS S3 bucket.","durable_config":[],"environment":[{"variables":{"KMS_KEY_ARN":"arn:aws:kms:us-east-1:000000000000:key/ac034be6-87d9-4191-a39e-d91da5c9e4c2","S3_BUCKET":"607872658-dev-ssm-parameter-store-backups-bucket"}}],"file_system_config":[],"filename":"./ssm_backup.zip","function_name":"607872658-dev-ssm-parameter-store-backup","handler":"ssm_backup.lambda_handler","image_config":[],"image_uri":null,"kms_key_arn":null,"layers":null,"memory_size":128,"package_type":"Zip","publish":false,"publish_to":null,"region":"us-east-1","replace_security_groups_on_destroy":null,"replacement_security_group_ids":null,"reserved_concurrent_executions":-1,"runtime":"python3.9","s3_bucket":null,"s3_key":null,"s3_object_version":null,"skip_destroy":false,"snap_start":[],"source_kms_key_arn":null,"tags":null,"tags_all":{"Project":"607872658"},"tenancy_config":[],"timeout":120,"timeouts":null,"vpc_config":[]},"after_unknown":{"architectures":true,"arn":true,"capacity_provider_config":[],"code_sha256":true,"dead_letter_config":[],"durable_config":[],"environment":[{"variables":{}}],"ephemeral_storage":true,"file_system_config":[],"id":true,"image_config":[],"invoke_arn":true,"last_modified":true,"logging_config":true,"qualified_arn":true,"qualified_invoke_arn":true,"role":true,"signing_job_arn":true,"signing_profile_version_arn":true,"snap_start":[],"source_code_hash":true,"source_code_size":true,"tags_all":{},"tenancy_config":[],"tracing_config":true,"version":true,"vpc_config":[]},"before_sensitive":false,"after_sensitive":{"architectures":[],"capacity_provider_config":[],"dead_letter_config":[],"durable_config":[],"environment":[{"variables":{}}],"ephemeral_storage":[],"file_system_config":[],"image_config":[],"logging_config":[],"snap_start":[],"tags_all":{},"tenancy_config":[],"tracing_config":[],"vpc_config":[]},"after_identity":{"account_id":null,"function_name":null,"region":null}}},{"address":"aws_lambda_permission.cloudwatch","mode":"managed","type":"aws_lambda_permission","name":"cloudwatch","provider_name":"registry.terraform.io/hashicorp/aws","change":{"actions":["create"],"before":null,"after":{"action":"lambda:InvokeFunction","event_source_token":null,"function_name":"607872658-dev-ssm-parameter-store-backup","function_url_auth_type":null,"principal":"events.amazonaws.com","principal_org_id":null,"qualifier":null,"region":"us-east-1","source_account":null,"statement_id":"AllowExecutionFromCloudWatch"},"after_unknown":{"id":true,"source_arn":true,"statement_id_prefix":true},"before_sensitive":false,"after_sensitive":{},"after_identity":{"account_id":null,"function_name":null,"qualifier":null,"region":null,"statement_id":null}}},{"address":"aws_s3_bucket.this","mode":"managed","type":"aws_s3_bucket","name":"this","provider_name":"registry.terraform.io/hashicorp/aws","change":{"actions":["create"],"before":null,"after":{"bucket":"607872658-dev-ssm-parameter-store-backups-bucket","force_destroy":false,"region":"us-east-1","tags":{"Environment":"dev","Name":"607872658-dev-ssm-parameter-store-backups-bucket"},"tags_all":{"Environment":"dev","Name":"607872658-dev-ssm-parameter-store-backups-bucket","Project":"607872658"},"timeouts":null},"after_unknown":{"acceleration_status":true,"acl":true,"arn":true,"bucket_domain_name":true,"bucket_prefix":true,"bucket_region":true,"bucket_regional_domain_name":true,"cors_rule":true,"grant":true,"hosted_zone_id":true,"id":true,"lifecycle_rule":true,"logging":true,"object_lock_configuration":true,"object_lock_enabled":true,"policy":true,"replication_configuration":true,"request_payer":true,"server_side_encryption_configuration":true,"tags":{},"tags_all":{},"versioning":true,"website":true,"website_domain":true,"website_endpoint":true},"before_sensitive":false,"after_sensitive":{"cors_rule":[],"grant":[],"lifecycle_rule":[],"logging":[],"object_lock_configuration":[],"replication_configuration":[],"server_side_encryption_configuration":[],"tags":{},"tags_all":{},"versioning":[],"website":[]},"after_identity":{"account_id":null,"bucket":null,"region":null}}},{"address":"aws_s3_bucket_acl.this","mode":"managed","type":"aws_s3_bucket_acl","name":"this","provider_name":"registry.terraform.io/hashicorp/aws","change":{"actions":["create"],"before":null,"after":{"acl":"private","expected_bucket_owner":null,"region":"us-east-1"},"after_unknown":{"access_control_policy":true,"bucket":true,"id":true},"before_sensitive":false,"after_sensitive":{"access_control_policy":[]},"after_identity":{"account_id":null,"acl":null,"bucket":null,"expected_bucket_owner":null,"region":null}}},{"address":"aws_s3_bucket_lifecycle_configuration.this","mode":"managed","type":"aws_s3_bucket_lifecycle_configuration","name":"this","provider_name":"registry.terraform.io/hashicorp/aws","change":{"actions":["create"],"before":null,"after":{"region":"us-east-1","rule":[{"abort_incomplete_multipart_upload":[],"expiration":[{"date":null,"days":365,"expired_object_delete_marker":false}],"filter":[{"and":[],"object_size_greater_than":null,"object_size_less_than":null,"prefix":"backups/","tag":[]}],"id":"backups","noncurrent_version_expiration":[],"noncurrent_version_transition":[],"prefix":"","status":"Enabled","transition":[{"date":null,"days":180,"storage_class":"DEEP_ARCHIVE"},{"date":null,"days":90,"storage_class":"GLACIER_IR"}]}],"timeouts":null,"transition_default_minimum_object_size":"all_storage_classes_128K"},"after_unknown":{"bucket":true,"expected_bucket_owner":true,"id":true,"rule":[{"abort_incomplete_multipart_upload":[],"expiration":[{}],"filter":[{"and":[],"tag":[]}],"noncurrent_version_expiration":[],"noncurrent_version_transition":[],"transition":[{},{}]}]},"before_sensitive":false,"after_sensitive":{"rule":[{"abort_incomplete_multipart_upload":[],"expiration":[{}],"filter":[{"and":[],"tag":[]}],"noncurrent_version_expiration":[],"noncurrent_version_transition":[],"transition":[{},{}]}]}}},{"address":"aws_s3_bucket_server_side_encryption_configuration.this","mode":"managed","type":"aws_s3_bucket_server_side_encryption_configuration","name":"this","provider_name":"registry.terraform.io/hashicorp/aws","change":{"actions":["create"],"before":null,"after":{"expected_bucket_owner":null,"region":"us-east-1","rule":[{"apply_server_side_encryption_by_default":[{"kms_master_key_id":"arn:aws:kms:us-east-1:000000000000:key/ac034be6-87d9-4191-a39e-d91da5c9e4c2","sse_algorithm":"aws:kms"}],"blocked_encryption_types":[],"bucket_key_enabled":null}]},"after_unknown":{"bucket":true,"id":true,"rule":[{"apply_server_side_encryption_by_default":[{}],"blocked_encryption_types":[]}]},"before_sensitive":false,"after_sensitive":{"rule":[{"apply_server_side_encryption_by_default":[{}],"blocked_encryption_types":[]}]},"after_identity":{"account_id":null,"bucket":null,"expected_bucket_owner":null,"region":null}}},{"address":"null_resource.local_package","mode":"managed","type":"null_resource","name":"local_package","provider_name":"registry.terraform.io/hashicorp/null","change":{"actions":["create"],"before":null,"after":{"triggers":{}},"after_unknown":{"id":true,"triggers":{"always_run":true}},"before_sensitive":false,"after_sensitive":{"triggers":{}}}}],"prior_state":{"format_version":"1.0","terraform_version":"1.13.5","values":{"root_module":{"resources":[{"address":"data.archive_file.lambda_dummy","mode":"data","type":"archive_file","name":"lambda_dummy","provider_name":"registry.terraform.io/hashicorp/archive","schema_version":0,"values":{"exclude_symlink_directories":null,"excludes":null,"id":"58e93fade67637870be5af38eff8d5aa66c7da49","output_base64sha256":"wmbalFzzY/wG3ivChKElOZB3+B4gptmQyIat05p+fU4=","output_base64sha512":"BQYAg1LwEY4tDmry1VoRx6StX0vjH+7LpfB5KAZLVvfJQjioPbBv1QxI6QF6P2U614fU3h9XKBCb9z5Y1ornqA==","output_file_mode":null,"output_md5":"a0dbd832a6a977d6d5b28ea5c85e30fb","output_path":"./.dummy/lambda.zip","output_sha":"58e93fade67637870be5af38eff8d5aa66c7da49","output_sha256":"c266da945cf363fc06de2bc284a125399077f81e20a6d990c886add39a7e7d4e","output_sha512":"0506008352f0118e2d0e6af2d55a11c7a4ad5f4be31feecba5f07928064b56f7c94238a83db06fd50c48e9017a3f653ad787d4de1f5728109bf73e58d68ae7a8","output_size":246,"source":[{"content":"exports.handler = async (event) =\u003e {\n  console.log(\"Dummy lambda invoked\");\n  return { statusCode: 200, body: \"dummy\" };\n};\n","filename":"index.js"}],"source_content":null,"source_content_filename":null,"source_dir":null,"source_file":null,"type":"zip"},"sensitive_values":{"source":[{}]}},{"address":"data.aws_kms_key.s3","mode":"data","type":"aws_kms_key","name":"s3","provider_name":"registry.terraform.io/hashicorp/aws","schema_version":0,"values":{"arn":"arn:aws:kms:us-east-1:000000000000:key/ac034be6-87d9-4191-a39e-d91da5c9e4c2","aws_account_id":"000000000000","cloud_hsm_cluster_id":"","creation_date":"2026-01-25T14:15:15Z","custom_key_store_id":"","customer_master_key_spec":"SYMMETRIC_DEFAULT","deletion_date":null,"description":"","enabled":true,"expiration_model":"","grant_tokens":null,"id":"ac034be6-87d9-4191-a39e-d91da5c9e4c2","key_id":"alias/aws/s3","key_manager":"CUSTOMER","key_spec":"SYMMETRIC_DEFAULT","key_state":"Enabled","key_usage":"ENCRYPT_DECRYPT","multi_region":false,"multi_region_configuration":[],"origin":"AWS_KMS","pending_deletion_window_in_days":0,"region":"us-east-1","valid_to":null,"xks_key_configuration":[]},"sensitive_values":{"multi_region_configuration":[],"xks_key_configuration":[]}},{"address":"data.aws_kms_key.ssm","mode":"data","type":"aws_kms_key","name":"ssm","provider_name":"registry.terraform.io/hashicorp/aws","schema_version":0,"values":{"arn":"arn:aws:kms:us-east-1:000000000000:key/49cf73b9-85d6-4097-9a2f-aee1e09dbe22","aws_account_id":"000000000000","cloud_hsm_cluster_id":"","creation_date":"2026-01-25T14:15:15Z","custom_key_store_id":"","customer_master_key_spec":"SYMMETRIC_DEFAULT","deletion_date":null,"description":"","enabled":true,"expiration_model":"","grant_tokens":null,"id":"49cf73b9-85d6-4097-9a2f-aee1e09dbe22","key_id":"alias/aws/ssm","key_manager":"CUSTOMER","key_spec":"SYMMETRIC_DEFAULT","key_state":"Enabled","key_usage":"ENCRYPT_DECRYPT","multi_region":false,"multi_region_configuration":[],"origin":"AWS_KMS","pending_deletion_window_in_days":0,"region":"us-east-1","valid_to":null,"xks_key_configuration":[]},"sensitive_values":{"multi_region_configuration":[],"xks_key_configuration":[]}}]}}},"configuration":{"provider_config":{"archive":{"name":"archive","full_name":"registry.terraform.io/hashicorp/archive","version_constraint":"\u003e= 2.0.0"},"aws":{"name":"aws","full_name":"registry.terraform.io/hashicorp/aws","version_constraint":"~\u003e 6.27.0","expressions":{"default_tags":[{"tags":{"references":["var.namespace"]}}],"region":{"references":["var.aws_region"]}}},"null":{"name":"null","full_name":"registry.terraform.io/hashicorp/null"}},"root_module":{"resources":[{"address":"aws_cloudwatch_event_rule.this","mode":"managed","type":"aws_cloudwatch_event_rule","name":"this","provider_config_key":"aws","expressions":{"description":{"references":["var.namespace","var.environment"]},"name":{"references":["var.namespace","var.environment"]},"schedule_expression":{"constant_value":"rate(1 day)"}},"schema_version":1},{"address":"aws_cloudwatch_event_target.this","mode":"managed","type":"aws_cloudwatch_event_target","name":"this","provider_config_key":"aws","expressions":{"arn":{"references":["aws_lambda_function.this.arn","aws_lambda_function.this"]},"rule":{"references":["aws_cloudwatch_event_rule.this.name","aws_cloudwatch_event_rule.this"]},"target_id":{"constant_value":"InvokeSSMLambda"}},"schema_version":1},{"address":"aws_iam_policy.this","mode":"managed","type":"aws_iam_policy","name":"this","provider_config_key":"aws","expressions":{"name":{"references":["var.namespace","var.environment"]},"policy":{"references":["var.namespace","var.environment","var.namespace","var.environment","data.aws_kms_key.ssm.arn","data.aws_kms_key.ssm","data.aws_kms_key.s3.arn","data.aws_kms_key.s3"]}},"schema_version":0},{"address":"aws_iam_role.this","mode":"managed","type":"aws_iam_role","name":"this","provider_config_key":"aws","expressions":{"assume_role_policy":{},"managed_policy_arns":{"references":["aws_iam_policy.this.arn","aws_iam_policy.this"]},"name":{"references":["var.namespace","var.environment"]}},"schema_version":0},{"address":"aws_lambda_function.this","mode":"managed","type":"aws_lambda_function","name":"this","provider_config_key":"aws","expressions":{"description":{"constant_value":"To take backup in the `.json` format of all the parameters residing on AWS SSM Parameter Store and store it on an AWS S3 bucket."},"environment":[{"variables":{"references":["var.namespace","var.environment","data.aws_kms_key.s3.arn","data.aws_kms_key.s3"]}}],"filename":{"references":["data.archive_file.lambda.output_path","data.archive_file.lambda"]},"function_name":{"references":["var.namespace","var.environment"]},"handler":{"constant_value":"ssm_backup.lambda_handler"},"role":{"references":["aws_iam_role.this.arn","aws_iam_role.this"]},"runtime":{"constant_value":"python3.9"},"source_code_hash":{"references":["data.archive_file.lambda.output_base64sha256","data.archive_file.lambda"]},"timeout":{"constant_value":120}},"schema_version":0,"depends_on":["null_resource.local_package","data.archive_file.lambda"]},{"address":"aws_lambda_permission.cloudwatch","mode":"managed","type":"aws_lambda_permission","name":"cloudwatch","provider_config_key":"aws","expressions":{"action":{"constant_value":"lambda:InvokeFunction"},"function_name":{"references":["aws_lambda_function.this.function_name","aws_lambda_function.this"]},"principal":{"constant_value":"events.amazonaws.com"},"source_arn":{"references":["aws_cloudwatch_event_rule.this.arn","aws_cloudwatch_event_rule.this"]},"statement_id":{"constant_value":"AllowExecutionFromCloudWatch"}},"schema_version":0},{"address":"aws_s3_bucket.this","mode":"managed","type":"aws_s3_bucket","name":"this","provider_config_key":"aws","expressions":{"bucket":{"references":["var.namespace","var.environment"]},"tags":{"references":["var.namespace","var.environment","var.environment"]}},"schema_version":0},{"address":"aws_s3_bucket_acl.this","mode":"managed","type":"aws_s3_bucket_acl","name":"this","provider_config_key":"aws","expressions":{"acl":{"constant_value":"private"},"bucket":{"references":["aws_s3_bucket.this.id","aws_s3_bucket.this"]}},"schema_version":0},{"address":"aws_s3_bucket_lifecycle_configuration.this","mode":"managed","type":"aws_s3_bucket_lifecycle_configuration","name":"this","provider_config_key":"aws","expressions":{"bucket":{"references":["aws_s3_bucket.this.id","aws_s3_bucket.this"]},"rule":[{"expiration":[{"days":{"constant_value":365}}],"filter":[{"prefix":{"constant_value":"backups/"}}],"id":{"constant_value":"backups"},"status":{"constant_value":"Enabled"},"transition":[{"days":{"constant_value":90},"storage_class":{"constant_value":"GLACIER_IR"}},{"days":{"constant_value":180},"storage_class":{"constant_value":"DEEP_ARCHIVE"}}]}]},"schema_version":1},{"address":"aws_s3_bucket_server_side_encryption_configuration.this","mode":"managed","type":"aws_s3_bucket_server_side_encryption_configuration","name":"this","provider_config_key":"aws","expressions":{"bucket":{"references":["aws_s3_bucket.this.id","aws_s3_bucket.this"]},"rule":[{"apply_server_side_encryption_by_default":[{"kms_master_key_id":{"references":["data.aws_kms_key.s3.arn","data.aws_kms_key.s3"]},"sse_algorithm":{"constant_value":"aws:kms"}}]}]},"schema_version":0},{"address":"null_resource.local_package","mode":"managed","type":"null_resource","name":"local_package","provider_config_key":"null","provisioners":[{"type":"local-exec","expressions":{"command":{"references":["path.module","path.module"]}}}],"expressions":{"triggers":{}},"schema_version":0},{"address":"data.archive_file.lambda","mode":"data","type":"archive_file","name":"lambda","provider_config_key":"archive","expressions":{"output_file_mode":{"constant_value":"0666"},"output_path":{"references":["path.module"]},"source_dir":{"references":["path.module"]},"type":{"constant_value":"zip"}},"schema_version":0,"depends_on":["null_resource.local_package"]},{"address":"data.archive_file.lambda_dummy","mode":"data","type":"archive_file","name":"lambda_dummy","provider_config_key":"archive","expressions":{"output_path":{"references":["local.lambda_dummy_zip"]},"source":[{"content":{"constant_value":"exports.handler = async (event) =\u003e {\n  console.log(\"Dummy lambda invoked\");\n  return { statusCode: 200, body: \"dummy\" };\n};\n"},"filename":{"constant_value":"index.js"}}],"type":{"constant_value":"zip"}},"schema_version":0},{"address":"data.aws_kms_key.s3","mode":"data","type":"aws_kms_key","name":"s3","provider_config_key":"aws","expressions":{"key_id":{"constant_value":"alias/aws/s3"}},"schema_version":0},{"address":"data.aws_kms_key.ssm","mode":"data","type":"aws_kms_key","name":"ssm","provider_config_key":"aws","expressions":{"key_id":{"constant_value":"alias/aws/ssm"}},"schema_version":0}],"variables":{"aws_region":{"description":"The AWS region things are created in"},"environment":{"description":"Environment name"},"namespace":{"description":"Project naming for resources"}}}},"relevant_attributes":[{"resource":"data.aws_kms_key.s3","attribute":["arn"]},{"resource":"aws_iam_policy.this","attribute":["arn"]},{"resource":"data.archive_file.lambda","attribute":["output_base64sha256"]},{"resource":"data.archive_file.lambda","attribute":["output_path"]},{"resource":"aws_iam_role.this","attribute":["arn"]},{"resource":"aws_cloudwatch_event_rule.this","attribute":["arn"]},{"resource":"aws_lambda_function.this","attribute":["function_name"]},{"resource":"aws_lambda_function.this","attribute":["arn"]},{"resource":"data.aws_kms_key.ssm","attribute":["arn"]},{"resource":"aws_s3_bucket.this","attribute":["id"]},{"resource":"aws_cloudwatch_event_rule.this","attribute":["name"]}],"timestamp":"2026-01-25T14:15:14Z","applyable":true,"complete":true,"errored":false}
