{"format_version":"1.2","terraform_version":"1.13.5","variables":{"cloudtrail_name":{"value":"aws-iam-gitops-31"},"create_cloudtrail":{"value":false},"ecr_repo_name":{"value":"aws-iam-gitops"},"environment":{"value":"dev"},"eventbridge_name":{"value":"aws-iam-gitops-31"},"github_repo":{"value":"ai-tf"},"github_token":{"value":"ai-tf"},"github_username":{"value":"ai-tf"},"image_tag":{"value":"v31"},"lambda_ephemeral_storage":{"value":1024},"lambda_function_name":{"value":"aws-iam-gitops-31"},"lambda_memory_size":{"value":512},"lambda_timeout":{"value":120},"project_name":{"value":"aws-iam-gitops"},"random_suffix":{"value":"31"},"region":{"value":"us-east-1"},"s3_bucket_name":{"value":"aws-iam-gitops-31"},"schedule_expression":{"value":"rate(1 day)"},"tags":{"value":{}}},"planned_values":{"outputs":{"cloudtrail_bucket_name":{"sensitive":false,"type":"dynamic","value":null},"ecr_repository_url":{"sensitive":false},"eventbridge_rule_arn":{"sensitive":false},"lambda_function_arn":{"sensitive":false},"lambda_function_name":{"sensitive":false,"type":"string","value":"aws-iam-gitops-31"}},"root_module":{"resources":[{"address":"aws_cloudwatch_event_rule.schedule","mode":"managed","type":"aws_cloudwatch_event_rule","name":"schedule","provider_name":"registry.terraform.io/hashicorp/aws","schema_version":1,"values":{"description":"Scheduled trigger for aws-iam-gitops-31","event_bus_name":"default","event_pattern":null,"force_destroy":false,"is_enabled":null,"name":"aws-iam-gitops-31","role_arn":null,"schedule_expression":"rate(1 day)","state":null,"tags":null,"tags_all":{"Environment":"dev","ManagedBy":"terraform","Project":"aws-iam-gitops"}},"sensitive_values":{"tags_all":{}}},{"address":"aws_cloudwatch_event_target.lambda","mode":"managed","type":"aws_cloudwatch_event_target","name":"lambda","provider_name":"registry.terraform.io/hashicorp/aws","schema_version":1,"values":{"appsync_target":[],"batch_target":[],"dead_letter_config":[],"ecs_target":[],"event_bus_name":"default","force_destroy":false,"http_target":[],"input":null,"input_path":null,"input_transformer":[],"kinesis_target":[],"redshift_target":[],"retry_policy":[],"role_arn":null,"rule":"aws-iam-gitops-31","run_command_targets":[],"sagemaker_pipeline_target":[],"sqs_target":[],"target_id":"lambda"},"sensitive_values":{"appsync_target":[],"batch_target":[],"dead_letter_config":[],"ecs_target":[],"http_target":[],"input_transformer":[],"kinesis_target":[],"redshift_target":[],"retry_policy":[],"run_command_targets":[],"sagemaker_pipeline_target":[],"sqs_target":[]}},{"address":"aws_cloudwatch_log_group.lambda","mode":"managed","type":"aws_cloudwatch_log_group","name":"lambda","provider_name":"registry.terraform.io/hashicorp/aws","schema_version":0,"values":{"kms_key_id":null,"name":"/aws/lambda/aws-iam-gitops-31","retention_in_days":30,"skip_destroy":false,"tags":null,"tags_all":{"Environment":"dev","ManagedBy":"terraform","Project":"aws-iam-gitops"}},"sensitive_values":{"tags_all":{}}},{"address":"aws_ecr_lifecycle_policy.this","mode":"managed","type":"aws_ecr_lifecycle_policy","name":"this","provider_name":"registry.terraform.io/hashicorp/aws","schema_version":0,"values":{"policy":"{\"rules\":[{\"action\":{\"type\":\"expire\"},\"description\":\"Keep last 20 images\",\"rulePriority\":1,\"selection\":{\"countNumber\":20,\"countType\":\"imageCountMoreThan\",\"tagStatus\":\"any\"}}]}","repository":"aws-iam-gitops"},"sensitive_values":{}},{"address":"aws_ecr_repository.this","mode":"managed","type":"aws_ecr_repository","name":"this","provider_name":"registry.terraform.io/hashicorp/aws","schema_version":0,"values":{"encryption_configuration":[{"encryption_type":"AES256"}],"force_delete":null,"image_scanning_configuration":[{"scan_on_push":true}],"image_tag_mutability":"MUTABLE","name":"aws-iam-gitops","tags":null,"tags_all":{"Environment":"dev","ManagedBy":"terraform","Project":"aws-iam-gitops"},"timeouts":null},"sensitive_values":{"encryption_configuration":[{}],"image_scanning_configuration":[{}],"tags_all":{}}},{"address":"aws_iam_policy.lambda","mode":"managed","type":"aws_iam_policy","name":"lambda","provider_name":"registry.terraform.io/hashicorp/aws","schema_version":0,"values":{"description":null,"name":"aws-iam-gitops-lambda-permissions-31","path":"/","tags":null,"tags_all":{"Environment":"dev","ManagedBy":"terraform","Project":"aws-iam-gitops"}},"sensitive_values":{"tags_all":{}}},{"address":"aws_iam_role.lambda","mode":"managed","type":"aws_iam_role","name":"lambda","provider_name":"registry.terraform.io/hashicorp/aws","schema_version":0,"values":{"assume_role_policy":"{\"Statement\":[{\"Action\":\"sts:AssumeRole\",\"Effect\":\"Allow\",\"Principal\":{\"Service\":\"lambda.amazonaws.com\"}}],\"Version\":\"2012-10-17\"}","description":null,"force_detach_policies":false,"max_session_duration":3600,"name":"aws-iam-gitops-lambda-role-31","path":"/","permissions_boundary":null,"tags":null,"tags_all":{"Environment":"dev","ManagedBy":"terraform","Project":"aws-iam-gitops"}},"sensitive_values":{"inline_policy":[],"managed_policy_arns":[],"tags_all":{}}},{"address":"aws_iam_role_policy_attachment.lambda","mode":"managed","type":"aws_iam_role_policy_attachment","name":"lambda","provider_name":"registry.terraform.io/hashicorp/aws","schema_version":0,"values":{"role":"aws-iam-gitops-lambda-role-31"},"sensitive_values":{}},{"address":"aws_lambda_function.this","mode":"managed","type":"aws_lambda_function","name":"this","provider_name":"registry.terraform.io/hashicorp/aws","schema_version":0,"values":{"code_signing_config_arn":null,"dead_letter_config":[],"description":null,"environment":[{}],"ephemeral_storage":[{"size":1024}],"file_system_config":[],"filename":null,"function_name":"aws-iam-gitops-31","handler":null,"image_config":[],"image_uri":"000000000000.dkr.ecr.us-east-1.amazonaws.com/aws-iam-gitops:v31","kms_key_arn":null,"layers":null,"memory_size":512,"package_type":"Image","publish":false,"replace_security_groups_on_destroy":null,"replacement_security_group_ids":null,"reserved_concurrent_executions":-1,"runtime":null,"s3_bucket":null,"s3_key":null,"s3_object_version":null,"skip_destroy":false,"snap_start":[],"tags":null,"tags_all":{"Environment":"dev","ManagedBy":"terraform","Project":"aws-iam-gitops"},"timeout":120,"timeouts":null,"vpc_config":[]},"sensitive_values":{"architectures":[],"dead_letter_config":[],"environment":[{"variables":{}}],"ephemeral_storage":[{}],"file_system_config":[],"image_config":[],"logging_config":[],"snap_start":[],"tags_all":{},"tracing_config":[],"vpc_config":[]}},{"address":"aws_lambda_permission.allow_eventbridge","mode":"managed","type":"aws_lambda_permission","name":"allow_eventbridge","provider_name":"registry.terraform.io/hashicorp/aws","schema_version":0,"values":{"action":"lambda:InvokeFunction","event_source_token":null,"function_name":"aws-iam-gitops-31","function_url_auth_type":null,"principal":"events.amazonaws.com","principal_org_id":null,"qualifier":null,"source_account":null,"statement_id":"AllowExecutionFromEventBridge"},"sensitive_values":{}},{"address":"aws_secretsmanager_secret.github_token","mode":"managed","type":"aws_secretsmanager_secret","name":"github_token","provider_name":"registry.terraform.io/hashicorp/aws","schema_version":0,"values":{"description":null,"force_overwrite_replica_secret":false,"kms_key_id":null,"name":"aws-iam-gitops-github-token-31","recovery_window_in_days":7,"tags":null,"tags_all":{"Environment":"dev","ManagedBy":"terraform","Project":"aws-iam-gitops"}},"sensitive_values":{"replica":[],"tags_all":{}}},{"address":"aws_secretsmanager_secret_version.github_token","mode":"managed","type":"aws_secretsmanager_secret_version","name":"github_token","provider_name":"registry.terraform.io/hashicorp/aws","schema_version":0,"values":{"secret_binary":null,"secret_string":"ai-tf","secret_string_wo":null,"secret_string_wo_version":null},"sensitive_values":{"secret_binary":true,"secret_string":true,"secret_string_wo":true,"version_stages":[]}},{"address":"data.aws_iam_policy_document.lambda_permissions","mode":"data","type":"aws_iam_policy_document","name":"lambda_permissions","provider_name":"registry.terraform.io/hashicorp/aws","schema_version":0,"values":{"override_json":null,"override_policy_documents":null,"policy_id":null,"source_json":null,"source_policy_documents":null,"statement":[{"actions":["logs:CreateLogGroup","logs:CreateLogStream","logs:PutLogEvents"],"condition":[],"effect":"Allow","not_actions":null,"not_principals":[],"not_resources":null,"principals":[],"resources":["*"],"sid":"CloudWatchLogs"},{"actions":["organizations:DescribePolicy","organizations:ListPolicies"],"condition":[],"effect":"Allow","not_actions":null,"not_principals":[],"not_resources":null,"principals":[],"resources":["*"],"sid":"OrganizationsRead"},{"actions":["iam:ListPolicies","iam:ListRoles"],"condition":[],"effect":"Allow","not_actions":null,"not_principals":[],"not_resources":null,"principals":[],"resources":["*"],"sid":"IamRead"},{"actions":["secretsmanager:DescribeSecret","secretsmanager:GetSecretValue"],"condition":[],"effect":"Allow","not_actions":null,"not_principals":[],"not_resources":null,"principals":[],"resources":[null],"sid":"ReadGithubTokenSecret"}],"version":null},"sensitive_values":{"statement":[{"actions":[false,false,false],"condition":[],"not_principals":[],"principals":[],"resources":[false]},{"actions":[false,false],"condition":[],"not_principals":[],"principals":[],"resources":[false]},{"actions":[false,false],"condition":[],"not_principals":[],"principals":[],"resources":[false]},{"actions":[false,false],"condition":[],"not_principals":[],"principals":[],"resources":[false]}]}}]}},"resource_changes":[{"address":"data.aws_iam_policy_document.lambda_permissions","mode":"data","type":"aws_iam_policy_document","name":"lambda_permissions","provider_name":"registry.terraform.io/hashicorp/aws","change":{"actions":["read"],"before":null,"after":{"override_json":null,"override_policy_documents":null,"policy_id":null,"source_json":null,"source_policy_documents":null,"statement":[{"actions":["logs:CreateLogGroup","logs:CreateLogStream","logs:PutLogEvents"],"condition":[],"effect":"Allow","not_actions":null,"not_principals":[],"not_resources":null,"principals":[],"resources":["*"],"sid":"CloudWatchLogs"},{"actions":["organizations:DescribePolicy","organizations:ListPolicies"],"condition":[],"effect":"Allow","not_actions":null,"not_principals":[],"not_resources":null,"principals":[],"resources":["*"],"sid":"OrganizationsRead"},{"actions":["iam:ListPolicies","iam:ListRoles"],"condition":[],"effect":"Allow","not_actions":null,"not_principals":[],"not_resources":null,"principals":[],"resources":["*"],"sid":"IamRead"},{"actions":["secretsmanager:DescribeSecret","secretsmanager:GetSecretValue"],"condition":[],"effect":"Allow","not_actions":null,"not_principals":[],"not_resources":null,"principals":[],"resources":[null],"sid":"ReadGithubTokenSecret"}],"version":null},"after_unknown":{"id":true,"json":true,"minified_json":true,"statement":[{"actions":[false,false,false],"condition":[],"not_principals":[],"principals":[],"resources":[false]},{"actions":[false,false],"condition":[],"not_principals":[],"principals":[],"resources":[false]},{"actions":[false,false],"condition":[],"not_principals":[],"principals":[],"resources":[false]},{"actions":[false,false],"condition":[],"not_principals":[],"principals":[],"resources":[true]}]},"before_sensitive":false,"after_sensitive":{"statement":[{"actions":[false,false,false],"condition":[],"not_principals":[],"principals":[],"resources":[false]},{"actions":[false,false],"condition":[],"not_principals":[],"principals":[],"resources":[false]},{"actions":[false,false],"condition":[],"not_principals":[],"principals":[],"resources":[false]},{"actions":[false,false],"condition":[],"not_principals":[],"principals":[],"resources":[false]}]}},"action_reason":"read_because_config_unknown"},{"address":"aws_cloudwatch_event_rule.schedule","mode":"managed","type":"aws_cloudwatch_event_rule","name":"schedule","provider_name":"registry.terraform.io/hashicorp/aws","change":{"actions":["create"],"before":null,"after":{"description":"Scheduled trigger for aws-iam-gitops-31","event_bus_name":"default","event_pattern":null,"force_destroy":false,"is_enabled":null,"name":"aws-iam-gitops-31","role_arn":null,"schedule_expression":"rate(1 day)","state":null,"tags":null,"tags_all":{"Environment":"dev","ManagedBy":"terraform","Project":"aws-iam-gitops"}},"after_unknown":{"arn":true,"id":true,"name_prefix":true,"tags_all":{}},"before_sensitive":false,"after_sensitive":{"tags_all":{}}}},{"address":"aws_cloudwatch_event_target.lambda","mode":"managed","type":"aws_cloudwatch_event_target","name":"lambda","provider_name":"registry.terraform.io/hashicorp/aws","change":{"actions":["create"],"before":null,"after":{"appsync_target":[],"batch_target":[],"dead_letter_config":[],"ecs_target":[],"event_bus_name":"default","force_destroy":false,"http_target":[],"input":null,"input_path":null,"input_transformer":[],"kinesis_target":[],"redshift_target":[],"retry_policy":[],"role_arn":null,"rule":"aws-iam-gitops-31","run_command_targets":[],"sagemaker_pipeline_target":[],"sqs_target":[],"target_id":"lambda"},"after_unknown":{"appsync_target":[],"arn":true,"batch_target":[],"dead_letter_config":[],"ecs_target":[],"http_target":[],"id":true,"input_transformer":[],"kinesis_target":[],"redshift_target":[],"retry_policy":[],"run_command_targets":[],"sagemaker_pipeline_target":[],"sqs_target":[]},"before_sensitive":false,"after_sensitive":{"appsync_target":[],"batch_target":[],"dead_letter_config":[],"ecs_target":[],"http_target":[],"input_transformer":[],"kinesis_target":[],"redshift_target":[],"retry_policy":[],"run_command_targets":[],"sagemaker_pipeline_target":[],"sqs_target":[]}}},{"address":"aws_cloudwatch_log_group.lambda","mode":"managed","type":"aws_cloudwatch_log_group","name":"lambda","provider_name":"registry.terraform.io/hashicorp/aws","change":{"actions":["create"],"before":null,"after":{"kms_key_id":null,"name":"/aws/lambda/aws-iam-gitops-31","retention_in_days":30,"skip_destroy":false,"tags":null,"tags_all":{"Environment":"dev","ManagedBy":"terraform","Project":"aws-iam-gitops"}},"after_unknown":{"arn":true,"id":true,"log_group_class":true,"name_prefix":true,"tags_all":{}},"before_sensitive":false,"after_sensitive":{"tags_all":{}}}},{"address":"aws_ecr_lifecycle_policy.this","mode":"managed","type":"aws_ecr_lifecycle_policy","name":"this","provider_name":"registry.terraform.io/hashicorp/aws","change":{"actions":["create"],"before":null,"after":{"policy":"{\"rules\":[{\"action\":{\"type\":\"expire\"},\"description\":\"Keep last 20 images\",\"rulePriority\":1,\"selection\":{\"countNumber\":20,\"countType\":\"imageCountMoreThan\",\"tagStatus\":\"any\"}}]}","repository":"aws-iam-gitops"},"after_unknown":{"id":true,"registry_id":true},"before_sensitive":false,"after_sensitive":{}}},{"address":"aws_ecr_repository.this","mode":"managed","type":"aws_ecr_repository","name":"this","provider_name":"registry.terraform.io/hashicorp/aws","change":{"actions":["create"],"before":null,"after":{"encryption_configuration":[{"encryption_type":"AES256"}],"force_delete":null,"image_scanning_configuration":[{"scan_on_push":true}],"image_tag_mutability":"MUTABLE","name":"aws-iam-gitops","tags":null,"tags_all":{"Environment":"dev","ManagedBy":"terraform","Project":"aws-iam-gitops"},"timeouts":null},"after_unknown":{"arn":true,"encryption_configuration":[{"kms_key":true}],"id":true,"image_scanning_configuration":[{}],"registry_id":true,"repository_url":true,"tags_all":{}},"before_sensitive":false,"after_sensitive":{"encryption_configuration":[{}],"image_scanning_configuration":[{}],"tags_all":{}}}},{"address":"aws_iam_policy.lambda","mode":"managed","type":"aws_iam_policy","name":"lambda","provider_name":"registry.terraform.io/hashicorp/aws","change":{"actions":["create"],"before":null,"after":{"description":null,"name":"aws-iam-gitops-lambda-permissions-31","path":"/","tags":null,"tags_all":{"Environment":"dev","ManagedBy":"terraform","Project":"aws-iam-gitops"}},"after_unknown":{"arn":true,"attachment_count":true,"id":true,"name_prefix":true,"policy":true,"policy_id":true,"tags_all":{}},"before_sensitive":false,"after_sensitive":{"tags_all":{}}}},{"address":"aws_iam_role.lambda","mode":"managed","type":"aws_iam_role","name":"lambda","provider_name":"registry.terraform.io/hashicorp/aws","change":{"actions":["create"],"before":null,"after":{"assume_role_policy":"{\"Statement\":[{\"Action\":\"sts:AssumeRole\",\"Effect\":\"Allow\",\"Principal\":{\"Service\":\"lambda.amazonaws.com\"}}],\"Version\":\"2012-10-17\"}","description":null,"force_detach_policies":false,"max_session_duration":3600,"name":"aws-iam-gitops-lambda-role-31","path":"/","permissions_boundary":null,"tags":null,"tags_all":{"Environment":"dev","ManagedBy":"terraform","Project":"aws-iam-gitops"}},"after_unknown":{"arn":true,"create_date":true,"id":true,"inline_policy":true,"managed_policy_arns":true,"name_prefix":true,"tags_all":{},"unique_id":true},"before_sensitive":false,"after_sensitive":{"inline_policy":[],"managed_policy_arns":[],"tags_all":{}}}},{"address":"aws_iam_role_policy_attachment.lambda","mode":"managed","type":"aws_iam_role_policy_attachment","name":"lambda","provider_name":"registry.terraform.io/hashicorp/aws","change":{"actions":["create"],"before":null,"after":{"role":"aws-iam-gitops-lambda-role-31"},"after_unknown":{"id":true,"policy_arn":true},"before_sensitive":false,"after_sensitive":{}}},{"address":"aws_lambda_function.this","mode":"managed","type":"aws_lambda_function","name":"this","provider_name":"registry.terraform.io/hashicorp/aws","change":{"actions":["create"],"before":null,"after":{"code_signing_config_arn":null,"dead_letter_config":[],"description":null,"environment":[{}],"ephemeral_storage":[{"size":1024}],"file_system_config":[],"filename":null,"function_name":"aws-iam-gitops-31","handler":null,"image_config":[],"image_uri":"000000000000.dkr.ecr.us-east-1.amazonaws.com/aws-iam-gitops:v31","kms_key_arn":null,"layers":null,"memory_size":512,"package_type":"Image","publish":false,"replace_security_groups_on_destroy":null,"replacement_security_group_ids":null,"reserved_concurrent_executions":-1,"runtime":null,"s3_bucket":null,"s3_key":null,"s3_object_version":null,"skip_destroy":false,"snap_start":[],"tags":null,"tags_all":{"Environment":"dev","ManagedBy":"terraform","Project":"aws-iam-gitops"},"timeout":120,"timeouts":null,"vpc_config":[]},"after_unknown":{"architectures":true,"arn":true,"code_sha256":true,"dead_letter_config":[],"environment":[{"variables":true}],"ephemeral_storage":[{}],"file_system_config":[],"id":true,"image_config":[],"invoke_arn":true,"last_modified":true,"logging_config":true,"qualified_arn":true,"qualified_invoke_arn":true,"role":true,"signing_job_arn":true,"signing_profile_version_arn":true,"snap_start":[],"source_code_hash":true,"source_code_size":true,"tags_all":{},"tracing_config":true,"version":true,"vpc_config":[]},"before_sensitive":false,"after_sensitive":{"architectures":[],"dead_letter_config":[],"environment":[{"variables":{}}],"ephemeral_storage":[{}],"file_system_config":[],"image_config":[],"logging_config":[],"snap_start":[],"tags_all":{},"tracing_config":[],"vpc_config":[]}}},{"address":"aws_lambda_permission.allow_eventbridge","mode":"managed","type":"aws_lambda_permission","name":"allow_eventbridge","provider_name":"registry.terraform.io/hashicorp/aws","change":{"actions":["create"],"before":null,"after":{"action":"lambda:InvokeFunction","event_source_token":null,"function_name":"aws-iam-gitops-31","function_url_auth_type":null,"principal":"events.amazonaws.com","principal_org_id":null,"qualifier":null,"source_account":null,"statement_id":"AllowExecutionFromEventBridge"},"after_unknown":{"id":true,"source_arn":true,"statement_id_prefix":true},"before_sensitive":false,"after_sensitive":{}}},{"address":"aws_secretsmanager_secret.github_token","mode":"managed","type":"aws_secretsmanager_secret","name":"github_token","provider_name":"registry.terraform.io/hashicorp/aws","change":{"actions":["create"],"before":null,"after":{"description":null,"force_overwrite_replica_secret":false,"kms_key_id":null,"name":"aws-iam-gitops-github-token-31","recovery_window_in_days":7,"tags":null,"tags_all":{"Environment":"dev","ManagedBy":"terraform","Project":"aws-iam-gitops"}},"after_unknown":{"arn":true,"id":true,"name_prefix":true,"policy":true,"replica":true,"tags_all":{}},"before_sensitive":false,"after_sensitive":{"replica":[],"tags_all":{}}}},{"address":"aws_secretsmanager_secret_version.github_token","mode":"managed","type":"aws_secretsmanager_secret_version","name":"github_token","provider_name":"registry.terraform.io/hashicorp/aws","change":{"actions":["create"],"before":null,"after":{"secret_binary":null,"secret_string":"ai-tf","secret_string_wo":null,"secret_string_wo_version":null},"after_unknown":{"arn":true,"has_secret_string_wo":true,"id":true,"secret_id":true,"version_id":true,"version_stages":true},"before_sensitive":false,"after_sensitive":{"secret_binary":true,"secret_string":true,"secret_string_wo":true,"version_stages":[]}}}],"output_changes":{"cloudtrail_bucket_name":{"actions":["no-op"],"before":null,"after":null,"after_unknown":false,"before_sensitive":false,"after_sensitive":false},"ecr_repository_url":{"actions":["create"],"before":null,"after_unknown":true,"before_sensitive":false,"after_sensitive":false},"eventbridge_rule_arn":{"actions":["create"],"before":null,"after_unknown":true,"before_sensitive":false,"after_sensitive":false},"lambda_function_arn":{"actions":["create"],"before":null,"after_unknown":true,"before_sensitive":false,"after_sensitive":false},"lambda_function_name":{"actions":["create"],"before":null,"after":"aws-iam-gitops-31","after_unknown":false,"before_sensitive":false,"after_sensitive":false}},"prior_state":{"format_version":"1.0","terraform_version":"1.13.5","values":{"outputs":{"lambda_function_name":{"sensitive":false,"value":"aws-iam-gitops-31","type":"string"}},"root_module":{"resources":[{"address":"data.archive_file.lambda_dummy","mode":"data","type":"archive_file","name":"lambda_dummy","provider_name":"registry.terraform.io/hashicorp/archive","schema_version":0,"values":{"exclude_symlink_directories":null,"excludes":null,"id":"58e93fade67637870be5af38eff8d5aa66c7da49","output_base64sha256":"wmbalFzzY/wG3ivChKElOZB3+B4gptmQyIat05p+fU4=","output_base64sha512":"BQYAg1LwEY4tDmry1VoRx6StX0vjH+7LpfB5KAZLVvfJQjioPbBv1QxI6QF6P2U614fU3h9XKBCb9z5Y1ornqA==","output_file_mode":null,"output_md5":"a0dbd832a6a977d6d5b28ea5c85e30fb","output_path":"./.dummy/lambda.zip","output_sha":"58e93fade67637870be5af38eff8d5aa66c7da49","output_sha256":"c266da945cf363fc06de2bc284a125399077f81e20a6d990c886add39a7e7d4e","output_sha512":"0506008352f0118e2d0e6af2d55a11c7a4ad5f4be31feecba5f07928064b56f7c94238a83db06fd50c48e9017a3f653ad787d4de1f5728109bf73e58d68ae7a8","output_size":246,"source":[{"content":"exports.handler = async (event) =\u003e {\n  console.log(\"Dummy lambda invoked\");\n  return { statusCode: 200, body: \"dummy\" };\n};\n","filename":"index.js"}],"source_content":null,"source_content_filename":null,"source_dir":null,"source_file":null,"type":"zip"},"sensitive_values":{"source":[{}]}},{"address":"data.aws_caller_identity.current","mode":"data","type":"aws_caller_identity","name":"current","provider_name":"registry.terraform.io/hashicorp/aws","schema_version":0,"values":{"account_id":"000000000000","arn":"arn:aws:iam::000000000000:root","id":"000000000000","user_id":"AKIAIOSFODNN7EXAMPLE"},"sensitive_values":{}},{"address":"data.aws_iam_policy_document.lambda_assume","mode":"data","type":"aws_iam_policy_document","name":"lambda_assume","provider_name":"registry.terraform.io/hashicorp/aws","schema_version":0,"values":{"id":"2690255455","json":"{\n  \"Version\": \"2012-10-17\",\n  \"Statement\": [\n    {\n      \"Effect\": \"Allow\",\n      \"Action\": \"sts:AssumeRole\",\n      \"Principal\": {\n        \"Service\": \"lambda.amazonaws.com\"\n      }\n    }\n  ]\n}","minified_json":"{\"Version\":\"2012-10-17\",\"Statement\":[{\"Effect\":\"Allow\",\"Action\":\"sts:AssumeRole\",\"Principal\":{\"Service\":\"lambda.amazonaws.com\"}}]}","override_json":null,"override_policy_documents":null,"policy_id":null,"source_json":null,"source_policy_documents":null,"statement":[{"actions":["sts:AssumeRole"],"condition":[],"effect":"Allow","not_actions":[],"not_principals":[],"not_resources":[],"principals":[{"identifiers":["lambda.amazonaws.com"],"type":"Service"}],"resources":[],"sid":""}],"version":"2012-10-17"},"sensitive_values":{"statement":[{"actions":[false],"condition":[],"not_actions":[],"not_principals":[],"not_resources":[],"principals":[{"identifiers":[false]}],"resources":[]}]}},{"address":"data.aws_partition.current","mode":"data","type":"aws_partition","name":"current","provider_name":"registry.terraform.io/hashicorp/aws","schema_version":0,"values":{"dns_suffix":"amazonaws.com","id":"aws","partition":"aws","reverse_dns_prefix":"com.amazonaws"},"sensitive_values":{}},{"address":"data.aws_region.current","mode":"data","type":"aws_region","name":"current","provider_name":"registry.terraform.io/hashicorp/aws","schema_version":0,"values":{"description":"US East (N. Virginia)","endpoint":"ec2.us-east-1.amazonaws.com","id":"us-east-1","name":"us-east-1"},"sensitive_values":{}}]}}},"configuration":{"provider_config":{"archive":{"name":"archive","full_name":"registry.terraform.io/hashicorp/archive"},"aws":{"name":"aws","full_name":"registry.terraform.io/hashicorp/aws","version_constraint":"~\u003e 5.0","expressions":{"default_tags":[{"tags":{"references":["var.project_name","var.environment","var.tags"]}}],"region":{"references":["var.region"]}}}},"root_module":{"outputs":{"cloudtrail_bucket_name":{"expression":{"references":["var.create_cloudtrail","aws_s3_bucket.cloudtrail[0].bucket","aws_s3_bucket.cloudtrail[0]","aws_s3_bucket.cloudtrail"]},"description":"CloudTrail S3 bucket name (if created)."},"ecr_repository_url":{"expression":{"references":["aws_ecr_repository.this.repository_url","aws_ecr_repository.this"]},"description":"ECR repository URL."},"eventbridge_rule_arn":{"expression":{"references":["aws_cloudwatch_event_rule.schedule.arn","aws_cloudwatch_event_rule.schedule"]},"description":"EventBridge rule ARN."},"lambda_function_arn":{"expression":{"references":["aws_lambda_function.this.arn","aws_lambda_function.this"]},"description":"Lambda function ARN."},"lambda_function_name":{"expression":{"references":["aws_lambda_function.this.function_name","aws_lambda_function.this"]},"description":"Lambda function name."}},"resources":[{"address":"aws_cloudtrail.this","mode":"managed","type":"aws_cloudtrail","name":"this","provider_config_key":"aws","expressions":{"enable_logging":{"constant_value":true},"include_global_service_events":{"constant_value":true},"is_multi_region_trail":{"constant_value":true},"name":{"references":["var.cloudtrail_name"]},"s3_bucket_name":{"references":["aws_s3_bucket.cloudtrail[0].id","aws_s3_bucket.cloudtrail[0]","aws_s3_bucket.cloudtrail"]}},"schema_version":1,"count_expression":{"references":["var.create_cloudtrail"]}},{"address":"aws_cloudwatch_event_rule.schedule","mode":"managed","type":"aws_cloudwatch_event_rule","name":"schedule","provider_config_key":"aws","expressions":{"description":{"references":["var.lambda_function_name"]},"name":{"references":["var.eventbridge_name"]},"schedule_expression":{"references":["var.schedule_expression"]}},"schema_version":1},{"address":"aws_cloudwatch_event_target.lambda","mode":"managed","type":"aws_cloudwatch_event_target","name":"lambda","provider_config_key":"aws","expressions":{"arn":{"references":["aws_lambda_function.this.arn","aws_lambda_function.this"]},"rule":{"references":["aws_cloudwatch_event_rule.schedule.name","aws_cloudwatch_event_rule.schedule"]},"target_id":{"constant_value":"lambda"}},"schema_version":1},{"address":"aws_cloudwatch_log_group.lambda","mode":"managed","type":"aws_cloudwatch_log_group","name":"lambda","provider_config_key":"aws","expressions":{"name":{"references":["var.lambda_function_name"]},"retention_in_days":{"constant_value":30}},"schema_version":0},{"address":"aws_ecr_lifecycle_policy.this","mode":"managed","type":"aws_ecr_lifecycle_policy","name":"this","provider_config_key":"aws","expressions":{"policy":{},"repository":{"references":["aws_ecr_repository.this.name","aws_ecr_repository.this"]}},"schema_version":0},{"address":"aws_ecr_repository.this","mode":"managed","type":"aws_ecr_repository","name":"this","provider_config_key":"aws","expressions":{"encryption_configuration":[{"encryption_type":{"constant_value":"AES256"}}],"image_scanning_configuration":[{"scan_on_push":{"constant_value":true}}],"image_tag_mutability":{"constant_value":"MUTABLE"},"name":{"references":["var.ecr_repo_name"]}},"schema_version":0},{"address":"aws_iam_policy.lambda","mode":"managed","type":"aws_iam_policy","name":"lambda","provider_config_key":"aws","expressions":{"name":{"references":["var.project_name","local.name_suffix"]},"policy":{"references":["data.aws_iam_policy_document.lambda_permissions.json","data.aws_iam_policy_document.lambda_permissions"]}},"schema_version":0},{"address":"aws_iam_role.lambda","mode":"managed","type":"aws_iam_role","name":"lambda","provider_config_key":"aws","expressions":{"assume_role_policy":{"references":["data.aws_iam_policy_document.lambda_assume.json","data.aws_iam_policy_document.lambda_assume"]},"name":{"references":["var.project_name","local.name_suffix"]}},"schema_version":0},{"address":"aws_iam_role_policy_attachment.lambda","mode":"managed","type":"aws_iam_role_policy_attachment","name":"lambda","provider_config_key":"aws","expressions":{"policy_arn":{"references":["aws_iam_policy.lambda.arn","aws_iam_policy.lambda"]},"role":{"references":["aws_iam_role.lambda.name","aws_iam_role.lambda"]}},"schema_version":0},{"address":"aws_lambda_function.this","mode":"managed","type":"aws_lambda_function","name":"this","provider_config_key":"aws","expressions":{"environment":[{"variables":{"references":["var.github_username","var.github_repo","aws_secretsmanager_secret.github_token.arn","aws_secretsmanager_secret.github_token"]}}],"ephemeral_storage":[{"size":{"references":["var.lambda_ephemeral_storage"]}}],"function_name":{"references":["var.lambda_function_name"]},"image_uri":{"references":["local.ecr_image_uri"]},"memory_size":{"references":["var.lambda_memory_size"]},"package_type":{"constant_value":"Image"},"role":{"references":["aws_iam_role.lambda.arn","aws_iam_role.lambda"]},"timeout":{"references":["var.lambda_timeout"]}},"schema_version":0,"depends_on":["aws_cloudwatch_log_group.lambda"]},{"address":"aws_lambda_permission.allow_eventbridge","mode":"managed","type":"aws_lambda_permission","name":"allow_eventbridge","provider_config_key":"aws","expressions":{"action":{"constant_value":"lambda:InvokeFunction"},"function_name":{"references":["aws_lambda_function.this.function_name","aws_lambda_function.this"]},"principal":{"constant_value":"events.amazonaws.com"},"source_arn":{"references":["aws_cloudwatch_event_rule.schedule.arn","aws_cloudwatch_event_rule.schedule"]},"statement_id":{"constant_value":"AllowExecutionFromEventBridge"}},"schema_version":0},{"address":"aws_s3_bucket.cloudtrail","mode":"managed","type":"aws_s3_bucket","name":"cloudtrail","provider_config_key":"aws","expressions":{"bucket":{"references":["var.s3_bucket_name"]},"force_destroy":{"constant_value":false}},"schema_version":0,"count_expression":{"references":["var.create_cloudtrail"]}},{"address":"aws_s3_bucket_policy.cloudtrail","mode":"managed","type":"aws_s3_bucket_policy","name":"cloudtrail","provider_config_key":"aws","expressions":{"bucket":{"references":["aws_s3_bucket.cloudtrail[0].id","aws_s3_bucket.cloudtrail[0]","aws_s3_bucket.cloudtrail"]},"policy":{"references":["data.aws_iam_policy_document.cloudtrail_bucket[0].json","data.aws_iam_policy_document.cloudtrail_bucket[0]","data.aws_iam_policy_document.cloudtrail_bucket"]}},"schema_version":0,"count_expression":{"references":["var.create_cloudtrail"]}},{"address":"aws_s3_bucket_public_access_block.cloudtrail","mode":"managed","type":"aws_s3_bucket_public_access_block","name":"cloudtrail","provider_config_key":"aws","expressions":{"block_public_acls":{"constant_value":true},"block_public_policy":{"constant_value":true},"bucket":{"references":["aws_s3_bucket.cloudtrail[0].id","aws_s3_bucket.cloudtrail[0]","aws_s3_bucket.cloudtrail"]},"ignore_public_acls":{"constant_value":true},"restrict_public_buckets":{"constant_value":true}},"schema_version":0,"count_expression":{"references":["var.create_cloudtrail"]}},{"address":"aws_s3_bucket_server_side_encryption_configuration.cloudtrail","mode":"managed","type":"aws_s3_bucket_server_side_encryption_configuration","name":"cloudtrail","provider_config_key":"aws","expressions":{"bucket":{"references":["aws_s3_bucket.cloudtrail[0].id","aws_s3_bucket.cloudtrail[0]","aws_s3_bucket.cloudtrail"]},"rule":[{"apply_server_side_encryption_by_default":[{"sse_algorithm":{"constant_value":"AES256"}}]}]},"schema_version":0,"count_expression":{"references":["var.create_cloudtrail"]}},{"address":"aws_s3_bucket_versioning.cloudtrail","mode":"managed","type":"aws_s3_bucket_versioning","name":"cloudtrail","provider_config_key":"aws","expressions":{"bucket":{"references":["aws_s3_bucket.cloudtrail[0].id","aws_s3_bucket.cloudtrail[0]","aws_s3_bucket.cloudtrail"]},"versioning_configuration":[{"status":{"constant_value":"Enabled"}}]},"schema_version":0,"count_expression":{"references":["var.create_cloudtrail"]}},{"address":"aws_secretsmanager_secret.github_token","mode":"managed","type":"aws_secretsmanager_secret","name":"github_token","provider_config_key":"aws","expressions":{"name":{"references":["local.github_secret_name"]},"recovery_window_in_days":{"constant_value":7}},"schema_version":0},{"address":"aws_secretsmanager_secret_version.github_token","mode":"managed","type":"aws_secretsmanager_secret_version","name":"github_token","provider_config_key":"aws","expressions":{"secret_id":{"references":["aws_secretsmanager_secret.github_token.id","aws_secretsmanager_secret.github_token"]},"secret_string":{"references":["var.github_token"]}},"schema_version":0},{"address":"data.archive_file.lambda_dummy","mode":"data","type":"archive_file","name":"lambda_dummy","provider_config_key":"archive","expressions":{"output_path":{"references":["local.lambda_dummy_zip"]},"source":[{"content":{"constant_value":"exports.handler = async (event) =\u003e {\n  console.log(\"Dummy lambda invoked\");\n  return { statusCode: 200, body: \"dummy\" };\n};\n"},"filename":{"constant_value":"index.js"}}],"type":{"constant_value":"zip"}},"schema_version":0},{"address":"data.aws_caller_identity.current","mode":"data","type":"aws_caller_identity","name":"current","provider_config_key":"aws","schema_version":0},{"address":"data.aws_iam_policy_document.cloudtrail_bucket","mode":"data","type":"aws_iam_policy_document","name":"cloudtrail_bucket","provider_config_key":"aws","expressions":{"statement":[{"actions":{"constant_value":["s3:GetBucketAcl"]},"effect":{"constant_value":"Allow"},"principals":[{"identifiers":{"constant_value":["cloudtrail.amazonaws.com"]},"type":{"constant_value":"Service"}}],"resources":{"references":["aws_s3_bucket.cloudtrail[0].arn","aws_s3_bucket.cloudtrail[0]","aws_s3_bucket.cloudtrail"]},"sid":{"constant_value":"AWSCloudTrailAclCheck"}},{"actions":{"constant_value":["s3:PutObject"]},"condition":[{"test":{"constant_value":"StringEquals"},"values":{"constant_value":["bucket-owner-full-control"]},"variable":{"constant_value":"s3:x-amz-acl"}}],"effect":{"constant_value":"Allow"},"principals":[{"identifiers":{"constant_value":["cloudtrail.amazonaws.com"]},"type":{"constant_value":"Service"}}],"resources":{"references":["aws_s3_bucket.cloudtrail[0].arn","aws_s3_bucket.cloudtrail[0]","aws_s3_bucket.cloudtrail","data.aws_caller_identity.current.account_id","data.aws_caller_identity.current"]},"sid":{"constant_value":"AWSCloudTrailWrite"}}]},"schema_version":0,"count_expression":{"references":["var.create_cloudtrail"]}},{"address":"data.aws_iam_policy_document.lambda_assume","mode":"data","type":"aws_iam_policy_document","name":"lambda_assume","provider_config_key":"aws","expressions":{"statement":[{"actions":{"constant_value":["sts:AssumeRole"]},"effect":{"constant_value":"Allow"},"principals":[{"identifiers":{"constant_value":["lambda.amazonaws.com"]},"type":{"constant_value":"Service"}}]}]},"schema_version":0},{"address":"data.aws_iam_policy_document.lambda_permissions","mode":"data","type":"aws_iam_policy_document","name":"lambda_permissions","provider_config_key":"aws","expressions":{"statement":[{"actions":{"constant_value":["logs:CreateLogGroup","logs:CreateLogStream","logs:PutLogEvents"]},"effect":{"constant_value":"Allow"},"resources":{"constant_value":["*"]},"sid":{"constant_value":"CloudWatchLogs"}},{"actions":{"constant_value":["organizations:ListPolicies","organizations:DescribePolicy"]},"effect":{"constant_value":"Allow"},"resources":{"constant_value":["*"]},"sid":{"constant_value":"OrganizationsRead"}},{"actions":{"constant_value":["iam:ListRoles","iam:ListPolicies"]},"effect":{"constant_value":"Allow"},"resources":{"constant_value":["*"]},"sid":{"constant_value":"IamRead"}},{"actions":{"constant_value":["secretsmanager:GetSecretValue","secretsmanager:DescribeSecret"]},"effect":{"constant_value":"Allow"},"resources":{"references":["aws_secretsmanager_secret.github_token.arn","aws_secretsmanager_secret.github_token"]},"sid":{"constant_value":"ReadGithubTokenSecret"}}]},"schema_version":0},{"address":"data.aws_partition.current","mode":"data","type":"aws_partition","name":"current","provider_config_key":"aws","schema_version":0},{"address":"data.aws_region.current","mode":"data","type":"aws_region","name":"current","provider_config_key":"aws","schema_version":0}],"variables":{"cloudtrail_name":{"default":"aws-iam-gitops-31","description":"CloudTrail trail name (if create_cloudtrail=true)."},"create_cloudtrail":{"default":false,"description":"Whether to create CloudTrail + S3 log bucket in this stack."},"ecr_repo_name":{"default":"aws-iam-gitops","description":"ECR repository name that stores the Lambda container image."},"environment":{"default":"dev","description":"Environment name (e.g., dev, prod)."},"eventbridge_name":{"default":"aws-iam-gitops-31","description":"EventBridge rule name."},"github_repo":{"description":"GitHub repository name."},"github_token":{"description":"GitHub token with write access to the repo. Stored in Secrets Manager.","sensitive":true},"github_username":{"description":"GitHub username/owner."},"image_tag":{"default":"v31","description":"Container image tag in ECR."},"lambda_ephemeral_storage":{"default":1024,"description":"Ephemeral storage in MB for /tmp (512-10240)."},"lambda_function_name":{"default":"aws-iam-gitops-31","description":"Lambda function name."},"lambda_memory_size":{"default":512,"description":"Lambda memory size in MB."},"lambda_timeout":{"default":120,"description":"Lambda timeout in seconds."},"project_name":{"default":"aws-iam-gitops","description":"Project/name prefix used for resources."},"random_suffix":{"default":"31","description":"Optional suffix to make names unique (matches repo README usage)."},"region":{"default":"us-east-1","description":"AWS region."},"s3_bucket_name":{"default":"aws-iam-gitops-31","description":"S3 bucket name for CloudTrail logs (if create_cloudtrail=true). Must be globally unique."},"schedule_expression":{"default":"rate(1 day)","description":"EventBridge schedule expression."},"tags":{"default":{},"description":"Additional tags to apply to resources."}}}},"relevant_attributes":[{"resource":"data.aws_iam_policy_document.lambda_assume","attribute":["json"]},{"resource":"aws_cloudwatch_event_rule.schedule","attribute":["name"]},{"resource":"aws_cloudwatch_event_rule.schedule","attribute":["arn"]},{"resource":"aws_iam_role.lambda","attribute":["arn"]},{"resource":"data.aws_caller_identity.current","attribute":["account_id"]},{"resource":"aws_ecr_repository.this","attribute":["repository_url"]},{"resource":"aws_lambda_function.this","attribute":["arn"]},{"resource":"aws_ecr_repository.this","attribute":["name"]},{"resource":"aws_secretsmanager_secret.github_token","attribute":["arn"]},{"resource":"data.aws_iam_policy_document.lambda_permissions","attribute":["json"]},{"resource":"aws_secretsmanager_secret.github_token","attribute":["id"]},{"resource":"aws_iam_policy.lambda","attribute":["arn"]},{"resource":"aws_iam_role.lambda","attribute":["name"]},{"resource":"aws_lambda_function.this","attribute":["function_name"]}],"timestamp":"2026-01-27T02:50:17Z","applyable":true,"complete":true,"errored":false}
