data.aws_iam_policy_document.epicac_policy: Reading...
data.aws_iam_policy_document.assume_role: Reading...
data.aws_iam_policy_document.epicac_policy: Read complete after 0s [id=3392281822]
data.aws_iam_policy_document.assume_role: Read complete after 0s [id=2217611055]

Terraform used the selected providers to generate the following execution
plan. Resource actions are indicated with the following symbols:
  + create

Terraform will perform the following actions:

  # aws_iam_policy.epicac_policy will be created
  + resource "aws_iam_policy" "epicac_policy" {
      + arn              = (known after apply)
      + attachment_count = (known after apply)
      + description      = "Policy for cross-account access demo."
      + id               = (known after apply)
      + name             = "epicac-policy"
      + name_prefix      = (known after apply)
      + path             = "/"
      + policy           = jsonencode(
            {
              + Statement = [
                  + {
                      + Action   = "s3:ListAllMyBuckets"
                      + Effect   = "Allow"
                      + Resource = "*"
                    },
                ]
              + Version   = "2012-10-17"
            }
        )
      + policy_id        = (known after apply)
      + tags_all         = (known after apply)
    }

  # aws_iam_role.epicac will be created
  + resource "aws_iam_role" "epicac" {
      + arn                   = (known after apply)
      + assume_role_policy    = jsonencode(
            {
              + Statement = [
                  + {
                      + Action    = "sts:AssumeRole"
                      + Effect    = "Allow"
                      + Principal = {
                          + Service = [
                              + "eks.amazonaws.com",
                              + "ec2.amazonaws.com",
                            ]
                        }
                    },
                ]
              + Version   = "2012-10-17"
            }
        )
      + create_date           = (known after apply)
      + force_detach_policies = false
      + id                    = (known after apply)
      + managed_policy_arns   = (known after apply)
      + max_session_duration  = 3600
      + name                  = "epicac-role"
      + name_prefix           = (known after apply)
      + path                  = "/"
      + tags                  = {
          + "Name" = "epicac-role"
        }
      + tags_all              = {
          + "Name" = "epicac-role"
        }
      + unique_id             = (known after apply)

      + inline_policy (known after apply)
    }

  # aws_iam_role_policy_attachment.attach_policy will be created
  + resource "aws_iam_role_policy_attachment" "attach_policy" {
      + id         = (known after apply)
      + policy_arn = (known after apply)
      + role       = "epicac-role"
    }

  # aws_s3_bucket.artifacts will be created
  + resource "aws_s3_bucket" "artifacts" {
      + acceleration_status         = (known after apply)
      + acl                         = (known after apply)
      + arn                         = (known after apply)
      + bucket                      = (known after apply)
      + bucket_domain_name          = (known after apply)
      + bucket_prefix               = (known after apply)
      + bucket_region               = (known after apply)
      + bucket_regional_domain_name = (known after apply)
      + force_destroy               = true
      + hosted_zone_id              = (known after apply)
      + id                          = (known after apply)
      + object_lock_enabled         = (known after apply)
      + policy                      = (known after apply)
      + region                      = "us-east-1"
      + request_payer               = (known after apply)
      + tags                        = {
          + "Name" = "epicac-artifacts"
        }
      + tags_all                    = {
          + "Name" = "epicac-artifacts"
        }
      + website_domain              = (known after apply)
      + website_endpoint            = (known after apply)

      + cors_rule (known after apply)

      + grant (known after apply)

      + lifecycle_rule (known after apply)

      + logging (known after apply)

      + object_lock_configuration (known after apply)

      + replication_configuration (known after apply)

      + server_side_encryption_configuration (known after apply)

      + versioning (known after apply)

      + website (known after apply)
    }

  # random_id.suffix will be created
  + resource "random_id" "suffix" {
      + b64_std     = (known after apply)
      + b64_url     = (known after apply)
      + byte_length = 4
      + dec         = (known after apply)
      + hex         = (known after apply)
      + id          = (known after apply)
    }

Plan: 5 to add, 0 to change, 0 to destroy.

Changes to Outputs:
  + artifact_bucket_name = (known after apply)
random_id.suffix: Creating...
random_id.suffix: Creation complete after 0s [id=fzOrdw]
aws_iam_policy.epicac_policy: Creating...
aws_iam_role.epicac: Creating...
aws_s3_bucket.artifacts: Creating...
aws_iam_policy.epicac_policy: Creation complete after 0s [id=arn:aws:iam::000000000000:policy/epicac-policy]
aws_iam_role.epicac: Creation complete after 0s [id=epicac-role]
aws_iam_role_policy_attachment.attach_policy: Creating...
aws_iam_role_policy_attachment.attach_policy: Creation complete after 0s [id=epicac-role/arn:aws:iam::000000000000:policy/epicac-policy]
aws_s3_bucket.artifacts: Still creating... [00m10s elapsed]
aws_s3_bucket.artifacts: Still creating... [00m20s elapsed]
aws_s3_bucket.artifacts: Still creating... [00m30s elapsed]
aws_s3_bucket.artifacts: Still creating... [00m40s elapsed]
aws_s3_bucket.artifacts: Still creating... [00m50s elapsed]
aws_s3_bucket.artifacts: Still creating... [01m00s elapsed]
aws_s3_bucket.artifacts: Still creating... [01m10s elapsed]
aws_s3_bucket.artifacts: Still creating... [01m20s elapsed]
aws_s3_bucket.artifacts: Still creating... [01m30s elapsed]
aws_s3_bucket.artifacts: Still creating... [01m40s elapsed]
aws_s3_bucket.artifacts: Still creating... [01m50s elapsed]
aws_s3_bucket.artifacts: Still creating... [02m00s elapsed]
aws_s3_bucket.artifacts: Still creating... [02m10s elapsed]
aws_s3_bucket.artifacts: Still creating... [02m20s elapsed]
aws_s3_bucket.artifacts: Still creating... [02m30s elapsed]
aws_s3_bucket.artifacts: Still creating... [02m40s elapsed]
aws_s3_bucket.artifacts: Still creating... [02m50s elapsed]
aws_s3_bucket.artifacts: Still creating... [03m00s elapsed]
aws_s3_bucket.artifacts: Still creating... [03m10s elapsed]
aws_s3_bucket.artifacts: Still creating... [03m20s elapsed]
aws_s3_bucket.artifacts: Still creating... [03m30s elapsed]
aws_s3_bucket.artifacts: Still creating... [03m40s elapsed]
aws_s3_bucket.artifacts: Still creating... [03m50s elapsed]
aws_s3_bucket.artifacts: Still creating... [04m00s elapsed]
aws_s3_bucket.artifacts: Still creating... [04m10s elapsed]
aws_s3_bucket.artifacts: Still creating... [04m20s elapsed]
aws_s3_bucket.artifacts: Still creating... [04m30s elapsed]
aws_s3_bucket.artifacts: Still creating... [04m40s elapsed]
aws_s3_bucket.artifacts: Still creating... [04m50s elapsed]
aws_s3_bucket.artifacts: Still creating... [05m00s elapsed]
aws_s3_bucket.artifacts: Still creating... [05m10s elapsed]
aws_s3_bucket.artifacts: Still creating... [05m20s elapsed]
aws_s3_bucket.artifacts: Still creating... [05m30s elapsed]
aws_s3_bucket.artifacts: Still creating... [05m40s elapsed]
aws_s3_bucket.artifacts: Still creating... [05m50s elapsed]
aws_s3_bucket.artifacts: Still creating... [06m00s elapsed]
aws_s3_bucket.artifacts: Still creating... [06m10s elapsed]
aws_s3_bucket.artifacts: Still creating... [06m20s elapsed]
aws_s3_bucket.artifacts: Still creating... [06m30s elapsed]
aws_s3_bucket.artifacts: Still creating... [06m40s elapsed]
aws_s3_bucket.artifacts: Still creating... [06m50s elapsed]
aws_s3_bucket.artifacts: Still creating... [07m00s elapsed]
aws_s3_bucket.artifacts: Still creating... [07m10s elapsed]
aws_s3_bucket.artifacts: Still creating... [07m20s elapsed]
aws_s3_bucket.artifacts: Still creating... [07m30s elapsed]
aws_s3_bucket.artifacts: Still creating... [07m40s elapsed]
aws_s3_bucket.artifacts: Still creating... [07m50s elapsed]
aws_s3_bucket.artifacts: Still creating... [08m00s elapsed]
aws_s3_bucket.artifacts: Still creating... [08m10s elapsed]
aws_s3_bucket.artifacts: Still creating... [08m20s elapsed]
aws_s3_bucket.artifacts: Still creating... [08m30s elapsed]
aws_s3_bucket.artifacts: Still creating... [08m40s elapsed]
aws_s3_bucket.artifacts: Still creating... [08m50s elapsed]
aws_s3_bucket.artifacts: Still creating... [09m00s elapsed]
aws_s3_bucket.artifacts: Still creating... [09m10s elapsed]
aws_s3_bucket.artifacts: Still creating... [09m20s elapsed]
aws_s3_bucket.artifacts: Still creating... [09m30s elapsed]
aws_s3_bucket.artifacts: Still creating... [09m40s elapsed]
aws_s3_bucket.artifacts: Still creating... [09m50s elapsed]
aws_s3_bucket.artifacts: Still creating... [10m00s elapsed]
aws_s3_bucket.artifacts: Still creating... [10m10s elapsed]
aws_s3_bucket.artifacts: Still creating... [10m20s elapsed]
aws_s3_bucket.artifacts: Still creating... [10m30s elapsed]
aws_s3_bucket.artifacts: Still creating... [10m40s elapsed]
aws_s3_bucket.artifacts: Still creating... [10m50s elapsed]
aws_s3_bucket.artifacts: Still creating... [11m00s elapsed]
aws_s3_bucket.artifacts: Still creating... [11m10s elapsed]
aws_s3_bucket.artifacts: Still creating... [11m20s elapsed]
aws_s3_bucket.artifacts: Still creating... [11m30s elapsed]
aws_s3_bucket.artifacts: Still creating... [11m40s elapsed]
aws_s3_bucket.artifacts: Still creating... [11m50s elapsed]
aws_s3_bucket.artifacts: Still creating... [12m00s elapsed]
aws_s3_bucket.artifacts: Still creating... [12m10s elapsed]
aws_s3_bucket.artifacts: Still creating... [12m20s elapsed]
aws_s3_bucket.artifacts: Still creating... [12m30s elapsed]
aws_s3_bucket.artifacts: Still creating... [12m40s elapsed]
aws_s3_bucket.artifacts: Still creating... [12m50s elapsed]
aws_s3_bucket.artifacts: Still creating... [13m00s elapsed]
aws_s3_bucket.artifacts: Still creating... [13m10s elapsed]
aws_s3_bucket.artifacts: Still creating... [13m20s elapsed]
aws_s3_bucket.artifacts: Still creating... [13m30s elapsed]
aws_s3_bucket.artifacts: Still creating... [13m40s elapsed]
aws_s3_bucket.artifacts: Still creating... [13m50s elapsed]
aws_s3_bucket.artifacts: Still creating... [14m00s elapsed]
aws_s3_bucket.artifacts: Still creating... [14m10s elapsed]
aws_s3_bucket.artifacts: Still creating... [14m20s elapsed]
aws_s3_bucket.artifacts: Still creating... [14m30s elapsed]
aws_s3_bucket.artifacts: Still creating... [14m40s elapsed]
aws_s3_bucket.artifacts: Still creating... [14m50s elapsed]
aws_s3_bucket.artifacts: Still creating... [15m00s elapsed]
aws_s3_bucket.artifacts: Still creating... [15m10s elapsed]
aws_s3_bucket.artifacts: Still creating... [15m20s elapsed]
aws_s3_bucket.artifacts: Still creating... [15m30s elapsed]
aws_s3_bucket.artifacts: Still creating... [15m40s elapsed]
aws_s3_bucket.artifacts: Still creating... [15m50s elapsed]
aws_s3_bucket.artifacts: Still creating... [16m00s elapsed]
aws_s3_bucket.artifacts: Still creating... [16m10s elapsed]
aws_s3_bucket.artifacts: Still creating... [16m20s elapsed]
aws_s3_bucket.artifacts: Still creating... [16m30s elapsed]
aws_s3_bucket.artifacts: Still creating... [16m40s elapsed]
aws_s3_bucket.artifacts: Still creating... [16m50s elapsed]
aws_s3_bucket.artifacts: Still creating... [17m00s elapsed]
aws_s3_bucket.artifacts: Still creating... [17m10s elapsed]
aws_s3_bucket.artifacts: Still creating... [17m20s elapsed]
aws_s3_bucket.artifacts: Still creating... [17m30s elapsed]
aws_s3_bucket.artifacts: Still creating... [17m40s elapsed]
aws_s3_bucket.artifacts: Still creating... [17m50s elapsed]
aws_s3_bucket.artifacts: Still creating... [18m00s elapsed]
aws_s3_bucket.artifacts: Still creating... [18m10s elapsed]
aws_s3_bucket.artifacts: Still creating... [18m20s elapsed]
aws_s3_bucket.artifacts: Still creating... [18m30s elapsed]
aws_s3_bucket.artifacts: Still creating... [18m40s elapsed]
aws_s3_bucket.artifacts: Still creating... [18m50s elapsed]
aws_s3_bucket.artifacts: Still creating... [19m00s elapsed]
aws_s3_bucket.artifacts: Still creating... [19m10s elapsed]
aws_s3_bucket.artifacts: Still creating... [19m20s elapsed]
aws_s3_bucket.artifacts: Still creating... [19m30s elapsed]
aws_s3_bucket.artifacts: Still creating... [19m40s elapsed]
aws_s3_bucket.artifacts: Still creating... [19m50s elapsed]
aws_s3_bucket.artifacts: Still creating... [20m00s elapsed]
aws_s3_bucket.artifacts: Still creating... [20m10s elapsed]
aws_s3_bucket.artifacts: Still creating... [20m21s elapsed]
aws_s3_bucket.artifacts: Still creating... [20m31s elapsed]
aws_s3_bucket.artifacts: Still creating... [20m41s elapsed]
aws_s3_bucket.artifacts: Still creating... [20m51s elapsed]
aws_s3_bucket.artifacts: Still creating... [21m01s elapsed]
aws_s3_bucket.artifacts: Still creating... [21m11s elapsed]
aws_s3_bucket.artifacts: Still creating... [21m21s elapsed]
aws_s3_bucket.artifacts: Still creating... [21m31s elapsed]
aws_s3_bucket.artifacts: Still creating... [21m41s elapsed]
aws_s3_bucket.artifacts: Still creating... [21m51s elapsed]
aws_s3_bucket.artifacts: Still creating... [22m01s elapsed]
aws_s3_bucket.artifacts: Still creating... [22m11s elapsed]
aws_s3_bucket.artifacts: Still creating... [22m21s elapsed]
aws_s3_bucket.artifacts: Still creating... [22m31s elapsed]
aws_s3_bucket.artifacts: Still creating... [22m41s elapsed]
aws_s3_bucket.artifacts: Still creating... [22m51s elapsed]
aws_s3_bucket.artifacts: Still creating... [23m01s elapsed]
aws_s3_bucket.artifacts: Still creating... [23m11s elapsed]
aws_s3_bucket.artifacts: Still creating... [23m21s elapsed]
aws_s3_bucket.artifacts: Still creating... [23m31s elapsed]
aws_s3_bucket.artifacts: Still creating... [23m41s elapsed]
aws_s3_bucket.artifacts: Still creating... [23m51s elapsed]
aws_s3_bucket.artifacts: Still creating... [24m01s elapsed]
aws_s3_bucket.artifacts: Still creating... [24m11s elapsed]
aws_s3_bucket.artifacts: Still creating... [24m21s elapsed]
aws_s3_bucket.artifacts: Still creating... [24m31s elapsed]
aws_s3_bucket.artifacts: Still creating... [24m41s elapsed]
aws_s3_bucket.artifacts: Still creating... [24m51s elapsed]
aws_s3_bucket.artifacts: Still creating... [25m01s elapsed]
aws_s3_bucket.artifacts: Still creating... [25m11s elapsed]
aws_s3_bucket.artifacts: Still creating... [25m21s elapsed]
aws_s3_bucket.artifacts: Still creating... [25m31s elapsed]
aws_s3_bucket.artifacts: Still creating... [25m41s elapsed]
aws_s3_bucket.artifacts: Still creating... [25m51s elapsed]
aws_s3_bucket.artifacts: Still creating... [26m01s elapsed]
aws_s3_bucket.artifacts: Still creating... [26m11s elapsed]
aws_s3_bucket.artifacts: Still creating... [26m21s elapsed]
aws_s3_bucket.artifacts: Still creating... [26m31s elapsed]
aws_s3_bucket.artifacts: Still creating... [26m41s elapsed]
aws_s3_bucket.artifacts: Still creating... [26m51s elapsed]
aws_s3_bucket.artifacts: Still creating... [27m01s elapsed]
aws_s3_bucket.artifacts: Still creating... [27m11s elapsed]
aws_s3_bucket.artifacts: Still creating... [27m21s elapsed]
aws_s3_bucket.artifacts: Still creating... [27m31s elapsed]
aws_s3_bucket.artifacts: Still creating... [27m41s elapsed]
aws_s3_bucket.artifacts: Still creating... [27m51s elapsed]
aws_s3_bucket.artifacts: Still creating... [28m01s elapsed]
aws_s3_bucket.artifacts: Still creating... [28m11s elapsed]
aws_s3_bucket.artifacts: Still creating... [28m21s elapsed]
aws_s3_bucket.artifacts: Still creating... [28m31s elapsed]
aws_s3_bucket.artifacts: Still creating... [28m41s elapsed]
aws_s3_bucket.artifacts: Still creating... [28m51s elapsed]
aws_s3_bucket.artifacts: Still creating... [29m01s elapsed]
aws_s3_bucket.artifacts: Still creating... [29m11s elapsed]
aws_s3_bucket.artifacts: Still creating... [29m21s elapsed]
aws_s3_bucket.artifacts: Still creating... [29m31s elapsed]
aws_s3_bucket.artifacts: Still creating... [29m41s elapsed]
aws_s3_bucket.artifacts: Still creating... [29m51s elapsed]
aws_s3_bucket.artifacts: Still creating... [30m01s elapsed]
aws_s3_bucket.artifacts: Still creating... [30m11s elapsed]
aws_s3_bucket.artifacts: Still creating... [30m21s elapsed]
aws_s3_bucket.artifacts: Still creating... [30m31s elapsed]
aws_s3_bucket.artifacts: Still creating... [30m41s elapsed]
aws_s3_bucket.artifacts: Still creating... [30m51s elapsed]
aws_s3_bucket.artifacts: Still creating... [31m01s elapsed]
aws_s3_bucket.artifacts: Still creating... [31m11s elapsed]
aws_s3_bucket.artifacts: Still creating... [31m21s elapsed]
aws_s3_bucket.artifacts: Still creating... [31m31s elapsed]
aws_s3_bucket.artifacts: Still creating... [31m41s elapsed]
aws_s3_bucket.artifacts: Still creating... [31m51s elapsed]
aws_s3_bucket.artifacts: Still creating... [32m01s elapsed]
aws_s3_bucket.artifacts: Still creating... [32m11s elapsed]
aws_s3_bucket.artifacts: Still creating... [32m21s elapsed]
aws_s3_bucket.artifacts: Still creating... [32m31s elapsed]
aws_s3_bucket.artifacts: Still creating... [32m41s elapsed]
aws_s3_bucket.artifacts: Still creating... [32m51s elapsed]
aws_s3_bucket.artifacts: Still creating... [33m01s elapsed]
aws_s3_bucket.artifacts: Still creating... [33m11s elapsed]
aws_s3_bucket.artifacts: Still creating... [33m21s elapsed]
aws_s3_bucket.artifacts: Still creating... [33m31s elapsed]
aws_s3_bucket.artifacts: Still creating... [33m41s elapsed]
aws_s3_bucket.artifacts: Still creating... [33m51s elapsed]
aws_s3_bucket.artifacts: Still creating... [34m01s elapsed]
aws_s3_bucket.artifacts: Still creating... [34m11s elapsed]
aws_s3_bucket.artifacts: Still creating... [34m21s elapsed]
aws_s3_bucket.artifacts: Still creating... [34m31s elapsed]
aws_s3_bucket.artifacts: Still creating... [34m41s elapsed]
aws_s3_bucket.artifacts: Still creating... [34m51s elapsed]
aws_s3_bucket.artifacts: Still creating... [35m01s elapsed]
aws_s3_bucket.artifacts: Still creating... [35m11s elapsed]
aws_s3_bucket.artifacts: Still creating... [35m21s elapsed]
aws_s3_bucket.artifacts: Still creating... [35m31s elapsed]
aws_s3_bucket.artifacts: Still creating... [35m41s elapsed]
aws_s3_bucket.artifacts: Still creating... [35m51s elapsed]
aws_s3_bucket.artifacts: Still creating... [36m01s elapsed]
aws_s3_bucket.artifacts: Still creating... [36m11s elapsed]
aws_s3_bucket.artifacts: Still creating... [36m21s elapsed]
aws_s3_bucket.artifacts: Still creating... [36m31s elapsed]
aws_s3_bucket.artifacts: Still creating... [36m41s elapsed]
aws_s3_bucket.artifacts: Still creating... [36m51s elapsed]
aws_s3_bucket.artifacts: Still creating... [37m01s elapsed]
aws_s3_bucket.artifacts: Still creating... [37m11s elapsed]
aws_s3_bucket.artifacts: Still creating... [37m21s elapsed]
aws_s3_bucket.artifacts: Still creating... [37m31s elapsed]
aws_s3_bucket.artifacts: Still creating... [37m41s elapsed]
aws_s3_bucket.artifacts: Still creating... [37m51s elapsed]
aws_s3_bucket.artifacts: Still creating... [38m01s elapsed]
aws_s3_bucket.artifacts: Still creating... [38m11s elapsed]
aws_s3_bucket.artifacts: Still creating... [38m21s elapsed]
aws_s3_bucket.artifacts: Still creating... [38m31s elapsed]
aws_s3_bucket.artifacts: Still creating... [38m41s elapsed]
aws_s3_bucket.artifacts: Still creating... [38m51s elapsed]
aws_s3_bucket.artifacts: Still creating... [39m01s elapsed]
aws_s3_bucket.artifacts: Still creating... [39m11s elapsed]
aws_s3_bucket.artifacts: Still creating... [39m21s elapsed]
aws_s3_bucket.artifacts: Still creating... [39m31s elapsed]
aws_s3_bucket.artifacts: Still creating... [39m41s elapsed]
aws_s3_bucket.artifacts: Still creating... [39m51s elapsed]
aws_s3_bucket.artifacts: Still creating... [40m01s elapsed]
aws_s3_bucket.artifacts: Still creating... [40m11s elapsed]
aws_s3_bucket.artifacts: Still creating... [40m21s elapsed]
aws_s3_bucket.artifacts: Still creating... [40m31s elapsed]
aws_s3_bucket.artifacts: Still creating... [40m41s elapsed]
aws_s3_bucket.artifacts: Still creating... [40m51s elapsed]
aws_s3_bucket.artifacts: Still creating... [41m01s elapsed]
aws_s3_bucket.artifacts: Still creating... [41m11s elapsed]
aws_s3_bucket.artifacts: Still creating... [41m21s elapsed]
aws_s3_bucket.artifacts: Still creating... [41m31s elapsed]
aws_s3_bucket.artifacts: Still creating... [41m41s elapsed]
aws_s3_bucket.artifacts: Still creating... [41m51s elapsed]
aws_s3_bucket.artifacts: Still creating... [42m01s elapsed]
aws_s3_bucket.artifacts: Still creating... [42m11s elapsed]
aws_s3_bucket.artifacts: Still creating... [42m21s elapsed]
aws_s3_bucket.artifacts: Still creating... [42m31s elapsed]
aws_s3_bucket.artifacts: Still creating... [42m41s elapsed]
aws_s3_bucket.artifacts: Still creating... [42m51s elapsed]
aws_s3_bucket.artifacts: Still creating... [43m01s elapsed]
aws_s3_bucket.artifacts: Still creating... [43m11s elapsed]
aws_s3_bucket.artifacts: Still creating... [43m21s elapsed]
aws_s3_bucket.artifacts: Still creating... [43m31s elapsed]
aws_s3_bucket.artifacts: Still creating... [43m41s elapsed]
aws_s3_bucket.artifacts: Still creating... [43m51s elapsed]
aws_s3_bucket.artifacts: Still creating... [44m01s elapsed]
aws_s3_bucket.artifacts: Still creating... [44m11s elapsed]
aws_s3_bucket.artifacts: Still creating... [44m21s elapsed]
aws_s3_bucket.artifacts: Still creating... [44m31s elapsed]
aws_s3_bucket.artifacts: Still creating... [44m41s elapsed]
aws_s3_bucket.artifacts: Still creating... [44m51s elapsed]
aws_s3_bucket.artifacts: Still creating... [45m01s elapsed]
aws_s3_bucket.artifacts: Still creating... [45m11s elapsed]
aws_s3_bucket.artifacts: Still creating... [45m21s elapsed]
aws_s3_bucket.artifacts: Still creating... [45m31s elapsed]
aws_s3_bucket.artifacts: Still creating... [45m41s elapsed]
aws_s3_bucket.artifacts: Still creating... [45m51s elapsed]
aws_s3_bucket.artifacts: Still creating... [46m01s elapsed]
aws_s3_bucket.artifacts: Still creating... [46m11s elapsed]
aws_s3_bucket.artifacts: Still creating... [46m21s elapsed]
aws_s3_bucket.artifacts: Still creating... [46m31s elapsed]
aws_s3_bucket.artifacts: Still creating... [46m41s elapsed]
aws_s3_bucket.artifacts: Still creating... [46m51s elapsed]
aws_s3_bucket.artifacts: Still creating... [47m01s elapsed]
aws_s3_bucket.artifacts: Still creating... [47m11s elapsed]
aws_s3_bucket.artifacts: Still creating... [47m21s elapsed]
aws_s3_bucket.artifacts: Still creating... [47m31s elapsed]
aws_s3_bucket.artifacts: Still creating... [47m41s elapsed]
aws_s3_bucket.artifacts: Still creating... [47m51s elapsed]
aws_s3_bucket.artifacts: Still creating... [48m01s elapsed]
aws_s3_bucket.artifacts: Still creating... [48m11s elapsed]
aws_s3_bucket.artifacts: Still creating... [48m21s elapsed]
aws_s3_bucket.artifacts: Still creating... [48m31s elapsed]
aws_s3_bucket.artifacts: Still creating... [48m41s elapsed]
aws_s3_bucket.artifacts: Still creating... [48m51s elapsed]
aws_s3_bucket.artifacts: Still creating... [49m01s elapsed]
aws_s3_bucket.artifacts: Still creating... [49m11s elapsed]
aws_s3_bucket.artifacts: Still creating... [49m21s elapsed]
aws_s3_bucket.artifacts: Still creating... [49m31s elapsed]
aws_s3_bucket.artifacts: Still creating... [49m41s elapsed]
aws_s3_bucket.artifacts: Still creating... [49m51s elapsed]
aws_s3_bucket.artifacts: Still creating... [50m01s elapsed]
aws_s3_bucket.artifacts: Still creating... [50m11s elapsed]
aws_s3_bucket.artifacts: Still creating... [50m21s elapsed]
aws_s3_bucket.artifacts: Still creating... [50m31s elapsed]
aws_s3_bucket.artifacts: Still creating... [50m41s elapsed]
aws_s3_bucket.artifacts: Still creating... [50m51s elapsed]
aws_s3_bucket.artifacts: Still creating... [51m01s elapsed]
aws_s3_bucket.artifacts: Still creating... [51m11s elapsed]
aws_s3_bucket.artifacts: Still creating... [51m21s elapsed]
aws_s3_bucket.artifacts: Still creating... [51m31s elapsed]
aws_s3_bucket.artifacts: Still creating... [51m41s elapsed]
aws_s3_bucket.artifacts: Still creating... [51m51s elapsed]
aws_s3_bucket.artifacts: Still creating... [52m01s elapsed]
aws_s3_bucket.artifacts: Still creating... [52m11s elapsed]
aws_s3_bucket.artifacts: Still creating... [52m21s elapsed]
aws_s3_bucket.artifacts: Still creating... [52m31s elapsed]
aws_s3_bucket.artifacts: Still creating... [52m41s elapsed]
aws_s3_bucket.artifacts: Still creating... [52m51s elapsed]
aws_s3_bucket.artifacts: Still creating... [53m01s elapsed]
aws_s3_bucket.artifacts: Still creating... [53m11s elapsed]
aws_s3_bucket.artifacts: Still creating... [53m21s elapsed]
aws_s3_bucket.artifacts: Still creating... [53m31s elapsed]
aws_s3_bucket.artifacts: Still creating... [53m41s elapsed]
aws_s3_bucket.artifacts: Still creating... [53m51s elapsed]
aws_s3_bucket.artifacts: Still creating... [54m01s elapsed]
aws_s3_bucket.artifacts: Still creating... [54m11s elapsed]
aws_s3_bucket.artifacts: Still creating... [54m21s elapsed]
aws_s3_bucket.artifacts: Still creating... [54m31s elapsed]
aws_s3_bucket.artifacts: Still creating... [54m41s elapsed]
aws_s3_bucket.artifacts: Still creating... [54m51s elapsed]
aws_s3_bucket.artifacts: Still creating... [55m01s elapsed]
aws_s3_bucket.artifacts: Still creating... [55m11s elapsed]
aws_s3_bucket.artifacts: Still creating... [55m21s elapsed]
aws_s3_bucket.artifacts: Still creating... [55m31s elapsed]
aws_s3_bucket.artifacts: Still creating... [55m41s elapsed]
aws_s3_bucket.artifacts: Still creating... [55m51s elapsed]
aws_s3_bucket.artifacts: Still creating... [56m01s elapsed]
aws_s3_bucket.artifacts: Still creating... [56m11s elapsed]
aws_s3_bucket.artifacts: Still creating... [56m21s elapsed]
aws_s3_bucket.artifacts: Still creating... [56m31s elapsed]
aws_s3_bucket.artifacts: Still creating... [56m41s elapsed]
aws_s3_bucket.artifacts: Still creating... [56m51s elapsed]
aws_s3_bucket.artifacts: Still creating... [57m01s elapsed]
aws_s3_bucket.artifacts: Still creating... [57m11s elapsed]
aws_s3_bucket.artifacts: Still creating... [57m21s elapsed]
aws_s3_bucket.artifacts: Still creating... [57m31s elapsed]
aws_s3_bucket.artifacts: Still creating... [57m41s elapsed]
aws_s3_bucket.artifacts: Still creating... [57m51s elapsed]
aws_s3_bucket.artifacts: Still creating... [58m01s elapsed]
aws_s3_bucket.artifacts: Still creating... [58m11s elapsed]
aws_s3_bucket.artifacts: Still creating... [58m21s elapsed]
aws_s3_bucket.artifacts: Still creating... [58m31s elapsed]
aws_s3_bucket.artifacts: Still creating... [58m41s elapsed]
aws_s3_bucket.artifacts: Still creating... [58m51s elapsed]
aws_s3_bucket.artifacts: Still creating... [59m01s elapsed]
aws_s3_bucket.artifacts: Still creating... [59m11s elapsed]
aws_s3_bucket.artifacts: Still creating... [59m21s elapsed]
aws_s3_bucket.artifacts: Still creating... [59m31s elapsed]
aws_s3_bucket.artifacts: Still creating... [59m41s elapsed]
aws_s3_bucket.artifacts: Still creating... [59m51s elapsed]
aws_s3_bucket.artifacts: Still creating... [60m01s elapsed]
aws_s3_bucket.artifacts: Still creating... [60m11s elapsed]
aws_s3_bucket.artifacts: Still creating... [60m21s elapsed]
aws_s3_bucket.artifacts: Still creating... [60m31s elapsed]
aws_s3_bucket.artifacts: Still creating... [60m41s elapsed]
aws_s3_bucket.artifacts: Still creating... [60m51s elapsed]
aws_s3_bucket.artifacts: Still creating... [61m01s elapsed]
aws_s3_bucket.artifacts: Still creating... [61m11s elapsed]
aws_s3_bucket.artifacts: Still creating... [61m21s elapsed]
aws_s3_bucket.artifacts: Still creating... [61m31s elapsed]
aws_s3_bucket.artifacts: Still creating... [61m41s elapsed]
aws_s3_bucket.artifacts: Still creating... [61m51s elapsed]
aws_s3_bucket.artifacts: Still creating... [62m01s elapsed]
aws_s3_bucket.artifacts: Still creating... [62m11s elapsed]
aws_s3_bucket.artifacts: Still creating... [62m21s elapsed]
aws_s3_bucket.artifacts: Still creating... [62m31s elapsed]
aws_s3_bucket.artifacts: Still creating... [62m41s elapsed]
aws_s3_bucket.artifacts: Still creating... [62m51s elapsed]
aws_s3_bucket.artifacts: Still creating... [63m01s elapsed]
aws_s3_bucket.artifacts: Still creating... [63m11s elapsed]
aws_s3_bucket.artifacts: Still creating... [63m21s elapsed]
aws_s3_bucket.artifacts: Still creating... [63m31s elapsed]
aws_s3_bucket.artifacts: Still creating... [63m41s elapsed]
aws_s3_bucket.artifacts: Still creating... [63m51s elapsed]
aws_s3_bucket.artifacts: Still creating... [64m01s elapsed]
aws_s3_bucket.artifacts: Still creating... [64m11s elapsed]
aws_s3_bucket.artifacts: Still creating... [64m21s elapsed]
aws_s3_bucket.artifacts: Still creating... [64m31s elapsed]
aws_s3_bucket.artifacts: Still creating... [64m41s elapsed]
aws_s3_bucket.artifacts: Still creating... [64m51s elapsed]
aws_s3_bucket.artifacts: Still creating... [65m01s elapsed]
aws_s3_bucket.artifacts: Still creating... [65m11s elapsed]
aws_s3_bucket.artifacts: Still creating... [65m21s elapsed]
aws_s3_bucket.artifacts: Still creating... [65m31s elapsed]
aws_s3_bucket.artifacts: Still creating... [65m41s elapsed]
aws_s3_bucket.artifacts: Still creating... [65m51s elapsed]
aws_s3_bucket.artifacts: Still creating... [66m01s elapsed]
aws_s3_bucket.artifacts: Still creating... [66m11s elapsed]
aws_s3_bucket.artifacts: Still creating... [66m21s elapsed]
aws_s3_bucket.artifacts: Still creating... [66m31s elapsed]
aws_s3_bucket.artifacts: Still creating... [66m41s elapsed]
aws_s3_bucket.artifacts: Still creating... [66m51s elapsed]
aws_s3_bucket.artifacts: Still creating... [67m01s elapsed]
aws_s3_bucket.artifacts: Still creating... [67m11s elapsed]
aws_s3_bucket.artifacts: Still creating... [67m21s elapsed]
aws_s3_bucket.artifacts: Still creating... [67m31s elapsed]
aws_s3_bucket.artifacts: Still creating... [67m41s elapsed]
aws_s3_bucket.artifacts: Still creating... [67m51s elapsed]
aws_s3_bucket.artifacts: Still creating... [68m01s elapsed]
aws_s3_bucket.artifacts: Still creating... [68m11s elapsed]
aws_s3_bucket.artifacts: Still creating... [68m21s elapsed]
aws_s3_bucket.artifacts: Still creating... [68m31s elapsed]
aws_s3_bucket.artifacts: Still creating... [68m41s elapsed]
aws_s3_bucket.artifacts: Still creating... [68m51s elapsed]
aws_s3_bucket.artifacts: Still creating... [69m01s elapsed]
aws_s3_bucket.artifacts: Still creating... [69m11s elapsed]
aws_s3_bucket.artifacts: Still creating... [69m21s elapsed]
aws_s3_bucket.artifacts: Still creating... [69m31s elapsed]
aws_s3_bucket.artifacts: Still creating... [69m41s elapsed]
aws_s3_bucket.artifacts: Still creating... [69m51s elapsed]
aws_s3_bucket.artifacts: Still creating... [70m01s elapsed]
aws_s3_bucket.artifacts: Still creating... [70m11s elapsed]
aws_s3_bucket.artifacts: Still creating... [70m21s elapsed]
aws_s3_bucket.artifacts: Still creating... [70m31s elapsed]
aws_s3_bucket.artifacts: Still creating... [70m41s elapsed]
aws_s3_bucket.artifacts: Still creating... [70m51s elapsed]
aws_s3_bucket.artifacts: Still creating... [71m01s elapsed]
aws_s3_bucket.artifacts: Still creating... [71m11s elapsed]
aws_s3_bucket.artifacts: Still creating... [71m21s elapsed]
aws_s3_bucket.artifacts: Still creating... [71m31s elapsed]
aws_s3_bucket.artifacts: Still creating... [71m41s elapsed]
aws_s3_bucket.artifacts: Still creating... [71m51s elapsed]
aws_s3_bucket.artifacts: Still creating... [72m01s elapsed]
aws_s3_bucket.artifacts: Still creating... [72m11s elapsed]
aws_s3_bucket.artifacts: Still creating... [72m21s elapsed]
aws_s3_bucket.artifacts: Still creating... [72m31s elapsed]
aws_s3_bucket.artifacts: Still creating... [72m41s elapsed]
aws_s3_bucket.artifacts: Still creating... [72m51s elapsed]
aws_s3_bucket.artifacts: Still creating... [73m01s elapsed]
aws_s3_bucket.artifacts: Still creating... [73m11s elapsed]
aws_s3_bucket.artifacts: Still creating... [73m21s elapsed]
aws_s3_bucket.artifacts: Still creating... [73m31s elapsed]
aws_s3_bucket.artifacts: Still creating... [73m41s elapsed]
aws_s3_bucket.artifacts: Still creating... [73m51s elapsed]
aws_s3_bucket.artifacts: Still creating... [74m01s elapsed]
aws_s3_bucket.artifacts: Still creating... [74m11s elapsed]
aws_s3_bucket.artifacts: Still creating... [74m21s elapsed]
aws_s3_bucket.artifacts: Still creating... [74m31s elapsed]
aws_s3_bucket.artifacts: Still creating... [74m41s elapsed]
aws_s3_bucket.artifacts: Still creating... [74m51s elapsed]
aws_s3_bucket.artifacts: Still creating... [75m01s elapsed]
aws_s3_bucket.artifacts: Still creating... [75m11s elapsed]
aws_s3_bucket.artifacts: Still creating... [75m21s elapsed]
aws_s3_bucket.artifacts: Still creating... [75m31s elapsed]
aws_s3_bucket.artifacts: Still creating... [75m41s elapsed]
aws_s3_bucket.artifacts: Still creating... [75m51s elapsed]
aws_s3_bucket.artifacts: Still creating... [76m01s elapsed]
aws_s3_bucket.artifacts: Still creating... [76m11s elapsed]
aws_s3_bucket.artifacts: Still creating... [76m21s elapsed]
aws_s3_bucket.artifacts: Still creating... [76m31s elapsed]
aws_s3_bucket.artifacts: Still creating... [76m41s elapsed]
aws_s3_bucket.artifacts: Still creating... [76m51s elapsed]
aws_s3_bucket.artifacts: Still creating... [77m01s elapsed]
aws_s3_bucket.artifacts: Still creating... [77m11s elapsed]
aws_s3_bucket.artifacts: Still creating... [77m21s elapsed]
aws_s3_bucket.artifacts: Still creating... [77m31s elapsed]
aws_s3_bucket.artifacts: Still creating... [77m41s elapsed]
aws_s3_bucket.artifacts: Still creating... [77m51s elapsed]
aws_s3_bucket.artifacts: Still creating... [78m01s elapsed]
aws_s3_bucket.artifacts: Still creating... [78m11s elapsed]
aws_s3_bucket.artifacts: Still creating... [78m21s elapsed]
aws_s3_bucket.artifacts: Still creating... [78m31s elapsed]
aws_s3_bucket.artifacts: Still creating... [78m41s elapsed]
aws_s3_bucket.artifacts: Still creating... [78m51s elapsed]
aws_s3_bucket.artifacts: Still creating... [79m01s elapsed]
aws_s3_bucket.artifacts: Still creating... [79m11s elapsed]
aws_s3_bucket.artifacts: Still creating... [79m21s elapsed]
aws_s3_bucket.artifacts: Still creating... [79m31s elapsed]
aws_s3_bucket.artifacts: Still creating... [79m41s elapsed]
aws_s3_bucket.artifacts: Still creating... [79m51s elapsed]
aws_s3_bucket.artifacts: Still creating... [80m01s elapsed]
aws_s3_bucket.artifacts: Still creating... [80m11s elapsed]
aws_s3_bucket.artifacts: Still creating... [80m21s elapsed]
aws_s3_bucket.artifacts: Still creating... [80m31s elapsed]
aws_s3_bucket.artifacts: Still creating... [80m41s elapsed]
aws_s3_bucket.artifacts: Still creating... [80m51s elapsed]
aws_s3_bucket.artifacts: Still creating... [81m01s elapsed]
aws_s3_bucket.artifacts: Still creating... [81m11s elapsed]
aws_s3_bucket.artifacts: Still creating... [81m21s elapsed]
aws_s3_bucket.artifacts: Still creating... [81m31s elapsed]
aws_s3_bucket.artifacts: Still creating... [81m41s elapsed]
aws_s3_bucket.artifacts: Still creating... [81m51s elapsed]
aws_s3_bucket.artifacts: Still creating... [82m01s elapsed]
aws_s3_bucket.artifacts: Still creating... [82m11s elapsed]
aws_s3_bucket.artifacts: Still creating... [82m21s elapsed]
aws_s3_bucket.artifacts: Still creating... [82m31s elapsed]
aws_s3_bucket.artifacts: Still creating... [82m41s elapsed]
aws_s3_bucket.artifacts: Still creating... [82m51s elapsed]
aws_s3_bucket.artifacts: Still creating... [83m01s elapsed]
aws_s3_bucket.artifacts: Still creating... [83m11s elapsed]
aws_s3_bucket.artifacts: Still creating... [83m21s elapsed]
aws_s3_bucket.artifacts: Still creating... [83m31s elapsed]
aws_s3_bucket.artifacts: Still creating... [83m41s elapsed]
aws_s3_bucket.artifacts: Still creating... [83m51s elapsed]
aws_s3_bucket.artifacts: Still creating... [84m01s elapsed]
aws_s3_bucket.artifacts: Still creating... [84m11s elapsed]
aws_s3_bucket.artifacts: Still creating... [84m21s elapsed]
aws_s3_bucket.artifacts: Still creating... [84m31s elapsed]
aws_s3_bucket.artifacts: Still creating... [84m41s elapsed]
aws_s3_bucket.artifacts: Still creating... [84m51s elapsed]
aws_s3_bucket.artifacts: Still creating... [85m01s elapsed]
aws_s3_bucket.artifacts: Still creating... [85m11s elapsed]
aws_s3_bucket.artifacts: Still creating... [85m21s elapsed]
aws_s3_bucket.artifacts: Still creating... [85m31s elapsed]
aws_s3_bucket.artifacts: Still creating... [85m41s elapsed]
aws_s3_bucket.artifacts: Still creating... [85m51s elapsed]
aws_s3_bucket.artifacts: Still creating... [86m01s elapsed]
aws_s3_bucket.artifacts: Still creating... [86m11s elapsed]
aws_s3_bucket.artifacts: Still creating... [86m21s elapsed]
aws_s3_bucket.artifacts: Still creating... [86m31s elapsed]
aws_s3_bucket.artifacts: Still creating... [86m41s elapsed]
aws_s3_bucket.artifacts: Still creating... [86m51s elapsed]
aws_s3_bucket.artifacts: Still creating... [87m01s elapsed]
aws_s3_bucket.artifacts: Still creating... [87m11s elapsed]
aws_s3_bucket.artifacts: Still creating... [87m21s elapsed]
aws_s3_bucket.artifacts: Still creating... [87m31s elapsed]
aws_s3_bucket.artifacts: Still creating... [87m41s elapsed]
aws_s3_bucket.artifacts: Still creating... [87m51s elapsed]
aws_s3_bucket.artifacts: Still creating... [88m01s elapsed]
aws_s3_bucket.artifacts: Still creating... [88m11s elapsed]
aws_s3_bucket.artifacts: Still creating... [88m21s elapsed]
aws_s3_bucket.artifacts: Still creating... [88m31s elapsed]
aws_s3_bucket.artifacts: Still creating... [88m41s elapsed]
aws_s3_bucket.artifacts: Still creating... [88m51s elapsed]
aws_s3_bucket.artifacts: Still creating... [89m01s elapsed]
aws_s3_bucket.artifacts: Still creating... [89m11s elapsed]
aws_s3_bucket.artifacts: Still creating... [89m21s elapsed]
aws_s3_bucket.artifacts: Still creating... [89m31s elapsed]
aws_s3_bucket.artifacts: Still creating... [89m41s elapsed]
aws_s3_bucket.artifacts: Still creating... [89m51s elapsed]
aws_s3_bucket.artifacts: Still creating... [90m01s elapsed]
aws_s3_bucket.artifacts: Still creating... [90m11s elapsed]
aws_s3_bucket.artifacts: Still creating... [90m21s elapsed]
aws_s3_bucket.artifacts: Still creating... [90m31s elapsed]
aws_s3_bucket.artifacts: Still creating... [90m41s elapsed]
aws_s3_bucket.artifacts: Still creating... [90m51s elapsed]
aws_s3_bucket.artifacts: Still creating... [91m01s elapsed]
aws_s3_bucket.artifacts: Still creating... [91m11s elapsed]
aws_s3_bucket.artifacts: Still creating... [91m21s elapsed]
aws_s3_bucket.artifacts: Still creating... [91m31s elapsed]
aws_s3_bucket.artifacts: Still creating... [91m41s elapsed]
aws_s3_bucket.artifacts: Still creating... [91m51s elapsed]
aws_s3_bucket.artifacts: Still creating... [92m01s elapsed]
aws_s3_bucket.artifacts: Still creating... [92m11s elapsed]
aws_s3_bucket.artifacts: Still creating... [92m21s elapsed]
aws_s3_bucket.artifacts: Still creating... [92m31s elapsed]
aws_s3_bucket.artifacts: Still creating... [92m41s elapsed]
aws_s3_bucket.artifacts: Still creating... [92m51s elapsed]
aws_s3_bucket.artifacts: Still creating... [93m01s elapsed]
aws_s3_bucket.artifacts: Still creating... [93m11s elapsed]
aws_s3_bucket.artifacts: Still creating... [93m21s elapsed]
aws_s3_bucket.artifacts: Still creating... [93m31s elapsed]
aws_s3_bucket.artifacts: Still creating... [93m41s elapsed]
aws_s3_bucket.artifacts: Still creating... [93m51s elapsed]
aws_s3_bucket.artifacts: Still creating... [94m01s elapsed]
aws_s3_bucket.artifacts: Still creating... [94m11s elapsed]
aws_s3_bucket.artifacts: Still creating... [94m21s elapsed]
aws_s3_bucket.artifacts: Still creating... [94m31s elapsed]
aws_s3_bucket.artifacts: Still creating... [94m41s elapsed]
aws_s3_bucket.artifacts: Still creating... [94m52s elapsed]
aws_s3_bucket.artifacts: Still creating... [95m02s elapsed]
aws_s3_bucket.artifacts: Still creating... [95m12s elapsed]
aws_s3_bucket.artifacts: Still creating... [95m22s elapsed]
aws_s3_bucket.artifacts: Still creating... [95m32s elapsed]
aws_s3_bucket.artifacts: Still creating... [95m42s elapsed]
aws_s3_bucket.artifacts: Still creating... [95m52s elapsed]
aws_s3_bucket.artifacts: Still creating... [96m02s elapsed]
aws_s3_bucket.artifacts: Still creating... [96m12s elapsed]
aws_s3_bucket.artifacts: Still creating... [96m22s elapsed]
aws_s3_bucket.artifacts: Still creating... [96m32s elapsed]
aws_s3_bucket.artifacts: Still creating... [96m42s elapsed]
aws_s3_bucket.artifacts: Still creating... [96m52s elapsed]
aws_s3_bucket.artifacts: Still creating... [97m02s elapsed]
aws_s3_bucket.artifacts: Still creating... [97m12s elapsed]
aws_s3_bucket.artifacts: Still creating... [97m22s elapsed]
aws_s3_bucket.artifacts: Still creating... [97m32s elapsed]
aws_s3_bucket.artifacts: Still creating... [97m42s elapsed]
aws_s3_bucket.artifacts: Still creating... [97m52s elapsed]
aws_s3_bucket.artifacts: Still creating... [98m02s elapsed]
aws_s3_bucket.artifacts: Still creating... [98m12s elapsed]
aws_s3_bucket.artifacts: Still creating... [98m22s elapsed]
aws_s3_bucket.artifacts: Still creating... [98m32s elapsed]
aws_s3_bucket.artifacts: Still creating... [98m42s elapsed]
aws_s3_bucket.artifacts: Still creating... [98m52s elapsed]
aws_s3_bucket.artifacts: Still creating... [99m02s elapsed]
aws_s3_bucket.artifacts: Still creating... [99m12s elapsed]
aws_s3_bucket.artifacts: Still creating... [99m22s elapsed]
aws_s3_bucket.artifacts: Still creating... [99m32s elapsed]
aws_s3_bucket.artifacts: Still creating... [99m42s elapsed]
aws_s3_bucket.artifacts: Still creating... [99m52s elapsed]
aws_s3_bucket.artifacts: Still creating... [100m02s elapsed]
aws_s3_bucket.artifacts: Still creating... [100m12s elapsed]
aws_s3_bucket.artifacts: Still creating... [100m22s elapsed]
aws_s3_bucket.artifacts: Still creating... [100m32s elapsed]
aws_s3_bucket.artifacts: Still creating... [100m42s elapsed]
aws_s3_bucket.artifacts: Still creating... [100m52s elapsed]
aws_s3_bucket.artifacts: Still creating... [101m02s elapsed]
aws_s3_bucket.artifacts: Still creating... [101m12s elapsed]
aws_s3_bucket.artifacts: Still creating... [101m22s elapsed]
aws_s3_bucket.artifacts: Still creating... [101m32s elapsed]
aws_s3_bucket.artifacts: Still creating... [101m42s elapsed]
aws_s3_bucket.artifacts: Still creating... [101m52s elapsed]
aws_s3_bucket.artifacts: Still creating... [102m02s elapsed]
aws_s3_bucket.artifacts: Still creating... [102m12s elapsed]
aws_s3_bucket.artifacts: Still creating... [102m22s elapsed]
aws_s3_bucket.artifacts: Still creating... [102m32s elapsed]
aws_s3_bucket.artifacts: Still creating... [102m42s elapsed]
aws_s3_bucket.artifacts: Still creating... [102m52s elapsed]
aws_s3_bucket.artifacts: Still creating... [103m02s elapsed]
aws_s3_bucket.artifacts: Still creating... [103m12s elapsed]
aws_s3_bucket.artifacts: Still creating... [103m22s elapsed]
aws_s3_bucket.artifacts: Still creating... [103m32s elapsed]
aws_s3_bucket.artifacts: Still creating... [103m42s elapsed]
aws_s3_bucket.artifacts: Still creating... [103m52s elapsed]
aws_s3_bucket.artifacts: Still creating... [104m02s elapsed]
aws_s3_bucket.artifacts: Still creating... [104m12s elapsed]
aws_s3_bucket.artifacts: Still creating... [104m22s elapsed]
aws_s3_bucket.artifacts: Still creating... [104m32s elapsed]
aws_s3_bucket.artifacts: Still creating... [104m42s elapsed]
aws_s3_bucket.artifacts: Still creating... [104m52s elapsed]
aws_s3_bucket.artifacts: Still creating... [105m02s elapsed]
aws_s3_bucket.artifacts: Still creating... [105m12s elapsed]
aws_s3_bucket.artifacts: Still creating... [105m22s elapsed]
aws_s3_bucket.artifacts: Still creating... [105m32s elapsed]
aws_s3_bucket.artifacts: Still creating... [105m42s elapsed]
aws_s3_bucket.artifacts: Still creating... [105m52s elapsed]
aws_s3_bucket.artifacts: Still creating... [106m02s elapsed]
aws_s3_bucket.artifacts: Still creating... [106m12s elapsed]
aws_s3_bucket.artifacts: Still creating... [106m22s elapsed]
aws_s3_bucket.artifacts: Still creating... [106m32s elapsed]
aws_s3_bucket.artifacts: Still creating... [106m42s elapsed]
aws_s3_bucket.artifacts: Still creating... [106m52s elapsed]
aws_s3_bucket.artifacts: Still creating... [107m02s elapsed]
aws_s3_bucket.artifacts: Still creating... [107m12s elapsed]
aws_s3_bucket.artifacts: Still creating... [107m22s elapsed]
aws_s3_bucket.artifacts: Still creating... [107m32s elapsed]
aws_s3_bucket.artifacts: Still creating... [107m42s elapsed]
aws_s3_bucket.artifacts: Still creating... [107m52s elapsed]
aws_s3_bucket.artifacts: Still creating... [108m02s elapsed]
aws_s3_bucket.artifacts: Still creating... [108m12s elapsed]
aws_s3_bucket.artifacts: Still creating... [108m22s elapsed]
aws_s3_bucket.artifacts: Still creating... [108m32s elapsed]
aws_s3_bucket.artifacts: Still creating... [108m42s elapsed]
aws_s3_bucket.artifacts: Still creating... [108m52s elapsed]
aws_s3_bucket.artifacts: Still creating... [109m02s elapsed]
aws_s3_bucket.artifacts: Still creating... [109m12s elapsed]
