{
  "version": 4,
  "terraform_version": "1.13.5",
  "serial": 1,
  "lineage": "fa4d0ee3-8b61-d1ed-1729-e9f95e1da15a",
  "outputs": {
    "role_arn": {
      "value": "arn:aws:iam::000000000000:role/pixelpredict-stream-reader-role",
      "type": "string"
    }
  },
  "resources": [
    {
      "mode": "managed",
      "type": "aws_iam_role",
      "name": "pixelpredict-stream-reader-role",
      "provider": "provider[\"registry.terraform.io/hashicorp/aws\"]",
      "instances": [
        {
          "schema_version": 0,
          "attributes": {
            "arn": "arn:aws:iam::000000000000:role/pixelpredict-stream-reader-role",
            "assume_role_policy": "{\"Statement\":[{\"Action\":\"sts:AssumeRole\",\"Effect\":\"Allow\",\"Principal\":{\"Service\":\"ec2.amazonaws.com\"}}],\"Version\":\"2012-10-17\"}",
            "create_date": "2026-01-27T19:39:33Z",
            "description": "",
            "force_detach_policies": false,
            "id": "pixelpredict-stream-reader-role",
            "inline_policy": [],
            "managed_policy_arns": [],
            "max_session_duration": 3600,
            "name": "pixelpredict-stream-reader-role",
            "name_prefix": "",
            "path": "/",
            "permissions_boundary": "",
            "tags": {
              "CanDelete": "true",
              "createdBy": "terraform",
              "createdFor": "tf-migrate bug bash",
              "terraformTime": "2026-01-27T19:39:33Z"
            },
            "tags_all": {
              "CanDelete": "true",
              "createdBy": "terraform",
              "createdFor": "tf-migrate bug bash",
              "terraformTime": "2026-01-27T19:39:33Z"
            },
            "unique_id": "AROAQAAAAAAADCUNKVRQF"
          },
          "sensitive_attributes": [],
          "identity_schema_version": 0,
          "identity": {
            "account_id": "000000000000",
            "name": "pixelpredict-stream-reader-role"
          },
          "private": "bnVsbA=="
        }
      ]
    },
    {
      "mode": "managed",
      "type": "aws_iam_role_policy_attachment",
      "name": "example_policy_attachment",
      "provider": "provider[\"registry.terraform.io/hashicorp/aws\"]",
      "instances": [
        {
          "schema_version": 0,
          "attributes": {
            "id": "pixelpredict-stream-reader-role/arn:aws:iam::aws:policy/AmazonS3ReadOnlyAccess",
            "policy_arn": "arn:aws:iam::aws:policy/AmazonS3ReadOnlyAccess",
            "role": "pixelpredict-stream-reader-role"
          },
          "sensitive_attributes": [],
          "identity_schema_version": 0,
          "identity": {
            "account_id": "000000000000",
            "policy_arn": "arn:aws:iam::aws:policy/AmazonS3ReadOnlyAccess",
            "role": "pixelpredict-stream-reader-role"
          },
          "private": "bnVsbA==",
          "dependencies": [
            "aws_iam_role.pixelpredict-stream-reader-role"
          ]
        }
      ]
    }
  ],
  "check_results": null
}
