data.aws_iam_policy_document.apprunner_ecr_assume: Reading...
data.aws_iam_policy_document.apprunner_ecr_assume: Read complete after 0s [id=3710474894]

Terraform used the selected providers to generate the following execution
plan. Resource actions are indicated with the following symbols:
  + create

Terraform will perform the following actions:

  # aws_apprunner_service.app will be created
  + resource "aws_apprunner_service" "app" {
      + arn                            = (known after apply)
      + auto_scaling_configuration_arn = (known after apply)
      + id                             = (known after apply)
      + region                         = "us-east-2"
      + service_id                     = (known after apply)
      + service_name                   = "natanaelvich-api"
      + service_url                    = (known after apply)
      + status                         = (known after apply)
      + tags_all                       = {
          + "ManagedBy" = "terraform"
          + "Project"   = "natanaelvich-api"
        }

      + health_check_configuration {
          + healthy_threshold   = 1
          + interval            = 10
          + path                = "/"
          + protocol            = "TCP"
          + timeout             = 5
          + unhealthy_threshold = 5
        }

      + instance_configuration {
          + cpu    = "1 vCPU"
          + memory = "2 GB"
        }

      + network_configuration (known after apply)

      + source_configuration {
          + auto_deployments_enabled = true

          + authentication_configuration {
              + access_role_arn = (known after apply)
            }

          + image_repository {
              + image_identifier      = (known after apply)
              + image_repository_type = "ECR"

              + image_configuration {
                  + port = "3000"
                }
            }
        }
    }

  # aws_ecr_repository.app will be created
  + resource "aws_ecr_repository" "app" {
      + arn                  = (known after apply)
      + id                   = (known after apply)
      + image_tag_mutability = "MUTABLE"
      + name                 = "natanaelvich-ci"
      + region               = "us-east-2"
      + registry_id          = (known after apply)
      + repository_url       = (known after apply)
      + tags_all             = {
          + "ManagedBy" = "terraform"
          + "Project"   = "natanaelvich-api"
        }

      + image_scanning_configuration {
          + scan_on_push = true
        }
    }

  # aws_iam_role.apprunner_ecr_access will be created
  + resource "aws_iam_role" "apprunner_ecr_access" {
      + arn                   = (known after apply)
      + assume_role_policy    = jsonencode(
            {
              + Statement = [
                  + {
                      + Action    = "sts:AssumeRole"
                      + Effect    = "Allow"
                      + Principal = {
                          + Service = "build.apprunner.amazonaws.com"
                        }
                    },
                ]
              + Version   = "2012-10-17"
            }
        )
      + create_date           = (known after apply)
      + force_detach_policies = false
      + id                    = (known after apply)
      + managed_policy_arns   = (known after apply)
      + max_session_duration  = 3600
      + name                  = "natanaelvich-api-apprunner-ecr-access"
      + name_prefix           = (known after apply)
      + path                  = "/"
      + tags_all              = {
          + "ManagedBy" = "terraform"
          + "Project"   = "natanaelvich-api"
        }
      + unique_id             = (known after apply)

      + inline_policy (known after apply)
    }

  # aws_iam_role_policy_attachment.apprunner_ecr_access will be created
  + resource "aws_iam_role_policy_attachment" "apprunner_ecr_access" {
      + id         = (known after apply)
      + policy_arn = "arn:aws:iam::aws:policy/service-role/AWSAppRunnerServicePolicyForECRAccess"
      + role       = "natanaelvich-api-apprunner-ecr-access"
    }

Plan: 4 to add, 0 to change, 0 to destroy.

Changes to Outputs:
  + apprunner_ecr_access_role_arn = (known after apply)
  + apprunner_service_url         = (known after apply)
  + ecr_repository_url            = (known after apply)
