data.archive_file.lambda_dummy: Reading...
data.archive_file.lambda_dummy: Read complete after 0s [id=58e93fade67637870be5af38eff8d5aa66c7da49]
data.aws_caller_identity.current: Reading...
data.aws_caller_identity.current: Read complete after 0s [id=000000000000]

Terraform used the selected providers to generate the following execution
plan. Resource actions are indicated with the following symbols:
  + create

Terraform will perform the following actions:

  # aws_cloudwatch_event_rule.reminder_bot_schedule will be created
  + resource "aws_cloudwatch_event_rule" "reminder_bot_schedule" {
      + arn                 = (known after apply)
      + description         = "Schedule rule for reminder bot Lambda function"
      + event_bus_name      = "default"
      + force_destroy       = false
      + id                  = (known after apply)
      + name                = "reminder-bot-schedule"
      + name_prefix         = (known after apply)
      + schedule_expression = "cron(30 20 15,28 * ? *)"
      + tags_all            = (known after apply)
    }

  # aws_cloudwatch_event_target.reminder_bot_target will be created
  + resource "aws_cloudwatch_event_target" "reminder_bot_target" {
      + arn            = (known after apply)
      + event_bus_name = "default"
      + force_destroy  = false
      + id             = (known after apply)
      + rule           = "reminder-bot-schedule"
      + target_id      = "reminder-bot-lambda-target"
    }

  # aws_iam_policy.lambda_policy will be created
  + resource "aws_iam_policy" "lambda_policy" {
      + arn              = (known after apply)
      + attachment_count = (known after apply)
      + description      = "Policy for reminder bot lambda"
      + id               = (known after apply)
      + name             = "reminder-bot-lambda-policy"
      + name_prefix      = (known after apply)
      + path             = "/"
      + policy           = (known after apply)
      + policy_id        = (known after apply)
      + tags_all         = (known after apply)
    }

  # aws_iam_role.lambda_execution_role will be created
  + resource "aws_iam_role" "lambda_execution_role" {
      + arn                   = (known after apply)
      + assume_role_policy    = jsonencode(
            {
              + Statement = [
                  + {
                      + Action    = "sts:AssumeRole"
                      + Effect    = "Allow"
                      + Principal = {
                          + Service = "lambda.amazonaws.com"
                        }
                    },
                ]
              + Version   = "2012-10-17"
            }
        )
      + create_date           = (known after apply)
      + force_detach_policies = false
      + id                    = (known after apply)
      + managed_policy_arns   = (known after apply)
      + max_session_duration  = 3600
      + name                  = "reminder-bot-lambda-execution-role"
      + name_prefix           = (known after apply)
      + path                  = "/"
      + tags_all              = (known after apply)
      + unique_id             = (known after apply)

      + inline_policy (known after apply)
    }

  # aws_iam_role_policy_attachment.lambda_policy_attachment will be created
  + resource "aws_iam_role_policy_attachment" "lambda_policy_attachment" {
      + id         = (known after apply)
      + policy_arn = (known after apply)
      + role       = "reminder-bot-lambda-execution-role"
    }

  # aws_lambda_function.reminder_bot_lambda will be created
  + resource "aws_lambda_function" "reminder_bot_lambda" {
      + architectures                  = (known after apply)
      + arn                            = (known after apply)
      + code_sha256                    = (known after apply)
      + filename                       = "./dummy.jar"
      + function_name                  = "reminder-bot-lambda"
      + handler                        = "handler.Handler"
      + id                             = (known after apply)
      + invoke_arn                     = (known after apply)
      + last_modified                  = (known after apply)
      + memory_size                    = 128
      + package_type                   = "Zip"
      + publish                        = false
      + qualified_arn                  = (known after apply)
      + qualified_invoke_arn           = (known after apply)
      + reserved_concurrent_executions = -1
      + role                           = (known after apply)
      + runtime                        = "java21"
      + signing_job_arn                = (known after apply)
      + signing_profile_version_arn    = (known after apply)
      + skip_destroy                   = false
      + source_code_hash               = (known after apply)
      + source_code_size               = (known after apply)
      + tags_all                       = (known after apply)
      + timeout                        = 60
      + version                        = (known after apply)

      + environment {
          + variables = {
              + "bot_token"          = (sensitive value)
              + "chat_id"            = (sensitive value)
              + "end_month_message"  = (sensitive value)
              + "half_month_message" = (sensitive value)
            }
        }

      + ephemeral_storage (known after apply)

      + logging_config (known after apply)

      + tracing_config (known after apply)
    }

  # aws_lambda_permission.allow_eventbridge will be created
  + resource "aws_lambda_permission" "allow_eventbridge" {
      + action              = "lambda:InvokeFunction"
      + function_name       = "reminder-bot-lambda"
      + id                  = (known after apply)
      + principal           = "events.amazonaws.com"
      + source_arn          = (known after apply)
      + statement_id        = "AllowExecutionFromEventBridge"
      + statement_id_prefix = (known after apply)
    }

Plan: 7 to add, 0 to change, 0 to destroy.
aws_cloudwatch_event_rule.reminder_bot_schedule: Creating...
aws_iam_role.lambda_execution_role: Creating...
aws_cloudwatch_event_rule.reminder_bot_schedule: Creation complete after 0s [id=reminder-bot-schedule]
aws_iam_role.lambda_execution_role: Creation complete after 0s [id=reminder-bot-lambda-execution-role]
aws_lambda_function.reminder_bot_lambda: Creating...
aws_lambda_function.reminder_bot_lambda: Creation complete after 7s [id=reminder-bot-lambda]
aws_lambda_permission.allow_eventbridge: Creating...
aws_iam_policy.lambda_policy: Creating...
aws_cloudwatch_event_target.reminder_bot_target: Creating...
aws_lambda_permission.allow_eventbridge: Creation complete after 0s [id=AllowExecutionFromEventBridge]
aws_cloudwatch_event_target.reminder_bot_target: Creation complete after 0s [id=reminder-bot-schedule-reminder-bot-lambda-target]
aws_iam_policy.lambda_policy: Creation complete after 0s [id=arn:aws:iam::000000000000:policy/reminder-bot-lambda-policy]
aws_iam_role_policy_attachment.lambda_policy_attachment: Creating...
aws_iam_role_policy_attachment.lambda_policy_attachment: Creation complete after 0s [id=reminder-bot-lambda-execution-role-20260125205024267300000001]
