{
  "version": 4,
  "terraform_version": "1.13.5",
  "serial": 1,
  "lineage": "650482f9-f677-680a-29dc-fa4e224fd89d",
  "outputs": {},
  "resources": [
    {
      "mode": "managed",
      "type": "random_id",
      "name": "suffix",
      "provider": "provider[\"registry.terraform.io/hashicorp/random\"]",
      "instances": [
        {
          "schema_version": 0,
          "attributes": {
            "b64_std": "8HPlEg==",
            "b64_url": "8HPlEg",
            "byte_length": 4,
            "dec": "4034127122",
            "hex": "f073e512",
            "id": "8HPlEg",
            "keepers": null,
            "prefix": null
          },
          "sensitive_attributes": [],
          "identity_schema_version": 0
        }
      ]
    }
  ],
  "check_results": null
}
