data.aws_iam_policy_document.eks_assume_role_permissions: Reading...
data.aws_availability_zones.eks_azs: Reading...
data.aws_iam_policy_document.eks_worker_node_assume_role_permissions: Reading...
data.aws_iam_policy_document.eks_service_account_secret_permissions: Reading...
data.aws_iam_policy_document.alb_controller_permissions: Reading...
data.aws_iam_policy_document.eks_worker_node_assume_role_permissions: Read complete after 0s [id=93849769]
data.aws_iam_policy_document.eks_service_account_secret_permissions: Read complete after 0s [id=2646392825]
data.aws_iam_policy_document.eks_assume_role_permissions: Read complete after 0s [id=1225707575]
data.aws_iam_policy_document.alb_controller_permissions: Read complete after 0s [id=2361129544]
data.aws_availability_zones.eks_azs: Read complete after 7s [id=us-east-1]

Terraform used the selected providers to generate the following execution
plan. Resource actions are indicated with the following symbols:
  + create
 <= read (data resources)

Terraform will perform the following actions:

  # data.aws_iam_policy_document.eks_alb_assume_role_policy will be read during apply
  # (config refers to values not yet known)
 <= data "aws_iam_policy_document" "eks_alb_assume_role_policy" {
      + id   = (known after apply)
      + json = (known after apply)

      + statement {
          + actions = [
              + "sts:AssumeRoleWithWebIdentity",
            ]
          + effect  = "Allow"

          + condition {
              + test     = "StringEquals"
              + values   = [
                  + "sts.amazonaws.com",
                ]
              + variable = (known after apply)
            }
          + condition {
              + test     = "StringEquals"
              + values   = [
                  + "system:serviceaccount:kube-system:aws-load-balancer-controller",
                ]
              + variable = (known after apply)
            }

          + principals {
              + identifiers = [
                  + (known after apply),
                ]
              + type        = "Federated"
            }
        }
    }

  # data.aws_iam_policy_document.oidc_assume_role_policy will be read during apply
  # (config refers to values not yet known)
 <= data "aws_iam_policy_document" "oidc_assume_role_policy" {
      + id   = (known after apply)
      + json = (known after apply)

      + statement {
          + actions = [
              + "sts:AssumeRoleWithWebIdentity",
            ]
          + effect  = "Allow"

          + condition {
              + test     = "StringEquals"
              + values   = [
                  + "sts.amazonaws.com",
                ]
              + variable = (known after apply)
            }
          + condition {
              + test     = "StringEquals"
              + values   = [
                  + "system:serviceaccount:prod:secret-service-account",
                ]
              + variable = (known after apply)
            }

          + principals {
              + identifiers = [
                  + (known after apply),
                ]
              + type        = "Federated"
            }
        }
    }

  # data.tls_certificate.eks_oidc_url will be read during apply
  # (config refers to values not yet known)
 <= data "tls_certificate" "eks_oidc_url" {
      + certificates = (known after apply)
      + id           = (known after apply)
      + url          = (known after apply)
    }

  # aws_dynamodb_table.eks_terraform_tfstate_lock will be created
  + resource "aws_dynamodb_table" "eks_terraform_tfstate_lock" {
      + arn              = (known after apply)
      + billing_mode     = "PROVISIONED"
      + hash_key         = "LockID"
      + id               = (known after apply)
      + name             = "eks-terraform-statelock"
      + read_capacity    = 5
      + stream_arn       = (known after apply)
      + stream_label     = (known after apply)
      + stream_view_type = (known after apply)
      + tags             = {
          + "Application" = "Python Weather Application"
          + "Environment" = "Production"
          + "Github_Repo" = "ACCOUNT/REPO_NAME"
          + "IaC"         = "Terraform"
        }
      + tags_all         = {
          + "Application" = "Python Weather Application"
          + "Environment" = "Production"
          + "Github_Repo" = "ACCOUNT/REPO_NAME"
          + "IaC"         = "Terraform"
        }
      + write_capacity   = 5

      + attribute {
          + name = "LockID"
          + type = "S"
        }

      + point_in_time_recovery (known after apply)

      + server_side_encryption (known after apply)

      + ttl (known after apply)
    }

  # aws_ecr_repository.eks_python_weather_app will be created
  + resource "aws_ecr_repository" "eks_python_weather_app" {
      + arn                  = (known after apply)
      + id                   = (known after apply)
      + image_tag_mutability = "MUTABLE"
      + name                 = "eks-python-weather-app"
      + registry_id          = (known after apply)
      + repository_url       = (known after apply)
      + tags                 = {
          + "Application" = "Python Weather Application"
          + "Environment" = "Production"
          + "Github_Repo" = "ACCOUNT/REPO_NAME"
          + "IaC"         = "Terraform"
        }
      + tags_all             = {
          + "Application" = "Python Weather Application"
          + "Environment" = "Production"
          + "Github_Repo" = "ACCOUNT/REPO_NAME"
          + "IaC"         = "Terraform"
        }

      + image_scanning_configuration {
          + scan_on_push = true
        }
    }

  # aws_eip.eks_eips[0] will be created
  + resource "aws_eip" "eks_eips" {
      + allocation_id        = (known after apply)
      + association_id       = (known after apply)
      + carrier_ip           = (known after apply)
      + customer_owned_ip    = (known after apply)
      + domain               = "vpc"
      + id                   = (known after apply)
      + instance             = (known after apply)
      + network_border_group = (known after apply)
      + network_interface    = (known after apply)
      + private_dns          = (known after apply)
      + private_ip           = (known after apply)
      + public_dns           = (known after apply)
      + public_ip            = (known after apply)
      + public_ipv4_pool     = (known after apply)
      + tags                 = {
          + "Application" = "Python Weather Application"
          + "Environment" = "Production"
          + "Github_Repo" = "ACCOUNT/REPO_NAME"
          + "IaC"         = "Terraform"
          + "Name"        = "EKS-EIP-1"
        }
      + tags_all             = {
          + "Application" = "Python Weather Application"
          + "Environment" = "Production"
          + "Github_Repo" = "ACCOUNT/REPO_NAME"
          + "IaC"         = "Terraform"
          + "Name"        = "EKS-EIP-1"
        }
      + vpc                  = (known after apply)
    }

  # aws_eip.eks_eips[1] will be created
  + resource "aws_eip" "eks_eips" {
      + allocation_id        = (known after apply)
      + association_id       = (known after apply)
      + carrier_ip           = (known after apply)
      + customer_owned_ip    = (known after apply)
      + domain               = "vpc"
      + id                   = (known after apply)
      + instance             = (known after apply)
      + network_border_group = (known after apply)
      + network_interface    = (known after apply)
      + private_dns          = (known after apply)
      + private_ip           = (known after apply)
      + public_dns           = (known after apply)
      + public_ip            = (known after apply)
      + public_ipv4_pool     = (known after apply)
      + tags                 = {
          + "Application" = "Python Weather Application"
          + "Environment" = "Production"
          + "Github_Repo" = "ACCOUNT/REPO_NAME"
          + "IaC"         = "Terraform"
          + "Name"        = "EKS-EIP-2"
        }
      + tags_all             = {
          + "Application" = "Python Weather Application"
          + "Environment" = "Production"
          + "Github_Repo" = "ACCOUNT/REPO_NAME"
          + "IaC"         = "Terraform"
          + "Name"        = "EKS-EIP-2"
        }
      + vpc                  = (known after apply)
    }

  # aws_eks_cluster.eks_cluster will be created
  + resource "aws_eks_cluster" "eks_cluster" {
      + arn                   = (known after apply)
      + certificate_authority = (known after apply)
      + cluster_id            = (known after apply)
      + created_at            = (known after apply)
      + endpoint              = (known after apply)
      + id                    = (known after apply)
      + identity              = (known after apply)
      + name                  = "EKS-Cluster"
      + platform_version      = (known after apply)
      + role_arn              = (known after apply)
      + status                = (known after apply)
      + tags                  = {
          + "Application" = "Python Weather Application"
          + "Environment" = "Production"
          + "Github_Repo" = "ACCOUNT/REPO_NAME"
          + "IaC"         = "Terraform"
        }
      + tags_all              = {
          + "Application" = "Python Weather Application"
          + "Environment" = "Production"
          + "Github_Repo" = "ACCOUNT/REPO_NAME"
          + "IaC"         = "Terraform"
        }
      + version               = (known after apply)

      + access_config (known after apply)

      + kubernetes_network_config (known after apply)

      + vpc_config {
          + cluster_security_group_id = (known after apply)
          + endpoint_private_access   = false
          + endpoint_public_access    = true
          + public_access_cidrs       = (known after apply)
          + subnet_ids                = (known after apply)
          + vpc_id                    = (known after apply)
        }
    }

  # aws_eks_identity_provider_config.eks_provider_config will be created
  + resource "aws_eks_identity_provider_config" "eks_provider_config" {
      + arn          = (known after apply)
      + cluster_name = "EKS-Cluster"
      + id           = (known after apply)
      + status       = (known after apply)
      + tags         = {
          + "Application" = "Python Weather Application"
          + "Environment" = "Production"
          + "Github_Repo" = "ACCOUNT/REPO_NAME"
          + "IaC"         = "Terraform"
        }
      + tags_all     = {
          + "Application" = "Python Weather Application"
          + "Environment" = "Production"
          + "Github_Repo" = "ACCOUNT/REPO_NAME"
          + "IaC"         = "Terraform"
        }

      + oidc {
          + client_id                     = (known after apply)
          + identity_provider_config_name = "eks_oidc_provider_config"
          + issuer_url                    = (known after apply)
        }
    }

  # aws_eks_node_group.eks_worker_node_group will be created
  + resource "aws_eks_node_group" "eks_worker_node_group" {
      + ami_type               = (known after apply)
      + arn                    = (known after apply)
      + capacity_type          = (known after apply)
      + cluster_name           = "EKS-Cluster"
      + disk_size              = (known after apply)
      + id                     = (known after apply)
      + instance_types         = [
          + "t3.small",
        ]
      + node_group_name        = (known after apply)
      + node_group_name_prefix = (known after apply)
      + node_role_arn          = (known after apply)
      + release_version        = (known after apply)
      + resources              = (known after apply)
      + status                 = (known after apply)
      + subnet_ids             = (known after apply)
      + tags                   = {
          + "Application" = "Python Weather Application"
          + "Environment" = "Production"
          + "Github_Repo" = "ACCOUNT/REPO_NAME"
          + "IaC"         = "Terraform"
        }
      + tags_all               = {
          + "Application" = "Python Weather Application"
          + "Environment" = "Production"
          + "Github_Repo" = "ACCOUNT/REPO_NAME"
          + "IaC"         = "Terraform"
        }
      + version                = (known after apply)

      + scaling_config {
          + desired_size = 2
          + max_size     = 3
          + min_size     = 2
        }

      + update_config (known after apply)
    }

  # aws_iam_openid_connect_provider.eks will be created
  + resource "aws_iam_openid_connect_provider" "eks" {
      + arn             = (known after apply)
      + client_id_list  = [
          + "sts.amazonaws.com",
        ]
      + id              = (known after apply)
      + tags            = {
          + "Application" = "Python Weather Application"
          + "Environment" = "Production"
          + "Github_Repo" = "ACCOUNT/REPO_NAME"
          + "IaC"         = "Terraform"
        }
      + tags_all        = {
          + "Application" = "Python Weather Application"
          + "Environment" = "Production"
          + "Github_Repo" = "ACCOUNT/REPO_NAME"
          + "IaC"         = "Terraform"
        }
      + thumbprint_list = (known after apply)
      + url             = (known after apply)
    }

  # aws_iam_policy.alb_controller_policy will be created
  + resource "aws_iam_policy" "alb_controller_policy" {
      + arn         = (known after apply)
      + id          = (known after apply)
      + name        = "AWSLoadBalancerControllerIAMPolicy"
      + name_prefix = (known after apply)
      + path        = "/"
      + policy      = jsonencode(
            {
              + Statement = [
                  + {
                      + Action    = "iam:CreateServiceLinkedRole"
                      + Condition = {
                          + StringEquals = {
                              + "iam:AWSServiceName" = "elasticloadbalancing.amazonaws.com"
                            }
                        }
                      + Effect    = "Allow"
                      + Resource  = "*"
                    },
                  + {
                      + Action   = [
                          + "wafv2:GetWebACLForResource",
                          + "wafv2:GetWebACL",
                          + "wafv2:DisassociateWebACL",
                          + "wafv2:AssociateWebACL",
                          + "waf-regional:GetWebACLForResource",
                          + "waf-regional:GetWebACL",
                          + "waf-regional:DisassociateWebACL",
                          + "waf-regional:AssociateWebACL",
                          + "shield:GetSubscriptionState",
                          + "shield:DescribeProtection",
                          + "shield:DeleteProtection",
                          + "shield:CreateProtection",
                          + "iam:ListServerCertificates",
                          + "iam:GetServerCertificate",
                          + "elasticloadbalancing:SetWebAcl",
                          + "elasticloadbalancing:SetSubnets",
                          + "elasticloadbalancing:SetSecurityGroups",
                          + "elasticloadbalancing:SetIpAddressType",
                          + "elasticloadbalancing:RemoveTags",
                          + "elasticloadbalancing:RemoveListenerCertificates",
                          + "elasticloadbalancing:RegisterTargets",
                          + "elasticloadbalancing:ModifyTargetGroupAttributes",
                          + "elasticloadbalancing:ModifyTargetGroup",
                          + "elasticloadbalancing:ModifyRule",
                          + "elasticloadbalancing:ModifyLoadBalancerAttributes",
                          + "elasticloadbalancing:ModifyListener",
                          + "elasticloadbalancing:DescribeTrustStores",
                          + "elasticloadbalancing:DescribeTargetHealth",
                          + "elasticloadbalancing:DescribeTargetGroups",
                          + "elasticloadbalancing:DescribeTargetGroupAttributes",
                          + "elasticloadbalancing:DescribeTags",
                          + "elasticloadbalancing:DescribeSSLPolicies",
                          + "elasticloadbalancing:DescribeRules",
                          + "elasticloadbalancing:DescribeLoadBalancers",
                          + "elasticloadbalancing:DescribeLoadBalancerAttributes",
                          + "elasticloadbalancing:DescribeListeners",
                          + "elasticloadbalancing:DescribeListenerCertificates",
                          + "elasticloadbalancing:DeregisterTargets",
                          + "elasticloadbalancing:DeleteTargetGroup",
                          + "elasticloadbalancing:DeleteRule",
                          + "elasticloadbalancing:DeleteLoadBalancer",
                          + "elasticloadbalancing:DeleteListener",
                          + "elasticloadbalancing:CreateTargetGroup",
                          + "elasticloadbalancing:CreateRule",
                          + "elasticloadbalancing:CreateLoadBalancer",
                          + "elasticloadbalancing:CreateListener",
                          + "elasticloadbalancing:AddTags",
                          + "elasticloadbalancing:AddListenerCertificates",
                          + "ec2:RevokeSecurityGroupIngress",
                          + "ec2:GetCoipPoolUsage",
                          + "ec2:DescribeVpcs",
                          + "ec2:DescribeVpcPeeringConnections",
                          + "ec2:DescribeTags",
                          + "ec2:DescribeSubnets",
                          + "ec2:DescribeSecurityGroups",
                          + "ec2:DescribeNetworkInterfaces",
                          + "ec2:DescribeInternetGateways",
                          + "ec2:DescribeInstances",
                          + "ec2:DescribeCoipPools",
                          + "ec2:DescribeAvailabilityZones",
                          + "ec2:DescribeAddresses",
                          + "ec2:DescribeAccountAttributes",
                          + "ec2:DeleteTags",
                          + "ec2:DeleteSecurityGroup",
                          + "ec2:CreateTags",
                          + "ec2:CreateSecurityGroup",
                          + "ec2:AuthorizeSecurityGroupIngress",
                          + "cognito-idp:DescribeUserPoolClient",
                          + "acm:ListCertificates",
                          + "acm:DescribeCertificate",
                        ]
                      + Effect   = "Allow"
                      + Resource = "*"
                    },
                  + {
                      + Action   = "ec2:CreateSecurityGroup"
                      + Effect   = "Allow"
                      + Resource = "*"
                    },
                  + {
                      + Action    = "ec2:CreateTags"
                      + Condition = {
                          + Null         = {
                              + "aws:RequestTag/elbv2.k8s.aws/cluster" = "false"
                            }
                          + StringEquals = {
                              + "ec2:CreateAction" = "CreateSecurityGroup"
                            }
                        }
                      + Effect    = "Allow"
                      + Resource  = "arn:aws:ec2:*:*:security-group/*"
                    },
                  + {
                      + Action    = [
                          + "ec2:DeleteTags",
                          + "ec2:CreateTags",
                        ]
                      + Condition = {
                          + Null = {
                              + "aws:RequestTag/elbv2.k8s.aws/cluster"  = "true"
                              + "aws:ResourceTag/elbv2.k8s.aws/cluster" = "false"
                            }
                        }
                      + Effect    = "Allow"
                      + Resource  = "arn:aws:ec2:*:*:security-group/*"
                    },
                  + {
                      + Action    = [
                          + "ec2:RevokeSecurityGroupIngress",
                          + "ec2:DeleteSecurityGroup",
                          + "ec2:AuthorizeSecurityGroupIngress",
                        ]
                      + Condition = {
                          + Null = {
                              + "aws:ResourceTag/elbv2.k8s.aws/cluster" = "false"
                            }
                        }
                      + Effect    = "Allow"
                      + Resource  = "*"
                    },
                  + {
                      + Action    = [
                          + "elasticloadbalancing:CreateTargetGroup",
                          + "elasticloadbalancing:CreateLoadBalancer",
                        ]
                      + Condition = {
                          + Null = {
                              + "aws:RequestTag/elbv2.k8s.aws/cluster" = "false"
                            }
                        }
                      + Effect    = "Allow"
                      + Resource  = "*"
                    },
                  + {
                      + Action   = [
                          + "elasticloadbalancing:DeleteRule",
                          + "elasticloadbalancing:DeleteListener",
                          + "elasticloadbalancing:CreateRule",
                          + "elasticloadbalancing:CreateListener",
                        ]
                      + Effect   = "Allow"
                      + Resource = "*"
                    },
                  + {
                      + Action    = [
                          + "elasticloadbalancing:RemoveTags",
                          + "elasticloadbalancing:AddTags",
                        ]
                      + Condition = {
                          + Null = {
                              + "aws:RequestTag/elbv2.k8s.aws/cluster"  = "true"
                              + "aws:ResourceTag/elbv2.k8s.aws/cluster" = "false"
                            }
                        }
                      + Effect    = "Allow"
                      + Resource  = [
                          + "arn:aws:elasticloadbalancing:*:*:targetgroup/*/*",
                          + "arn:aws:elasticloadbalancing:*:*:loadbalancer/net/*/*",
                          + "arn:aws:elasticloadbalancing:*:*:loadbalancer/app/*/*",
                        ]
                    },
                  + {
                      + Action   = [
                          + "elasticloadbalancing:RemoveTags",
                          + "elasticloadbalancing:AddTags",
                        ]
                      + Effect   = "Allow"
                      + Resource = [
                          + "arn:aws:elasticloadbalancing:*:*:listener/net/*/*/*",
                          + "arn:aws:elasticloadbalancing:*:*:listener/app/*/*/*",
                          + "arn:aws:elasticloadbalancing:*:*:listener-rule/net/*/*/*",
                          + "arn:aws:elasticloadbalancing:*:*:listener-rule/app/*/*/*",
                        ]
                    },
                  + {
                      + Action    = [
                          + "elasticloadbalancing:SetSubnets",
                          + "elasticloadbalancing:SetSecurityGroups",
                          + "elasticloadbalancing:SetIpAddressType",
                          + "elasticloadbalancing:ModifyTargetGroupAttributes",
                          + "elasticloadbalancing:ModifyTargetGroup",
                          + "elasticloadbalancing:ModifyLoadBalancerAttributes",
                          + "elasticloadbalancing:DeleteTargetGroup",
                          + "elasticloadbalancing:DeleteLoadBalancer",
                        ]
                      + Condition = {
                          + Null = {
                              + "aws:ResourceTag/elbv2.k8s.aws/cluster" = "false"
                            }
                        }
                      + Effect    = "Allow"
                      + Resource  = "*"
                    },
                  + {
                      + Action    = "elasticloadbalancing:AddTags"
                      + Condition = {
                          + Null         = {
                              + "aws:RequestTag/elbv2.k8s.aws/cluster" = "false"
                            }
                          + StringEquals = {
                              + "elasticloadbalancing:CreateAction" = [
                                  + "CreateTargetGroup",
                                  + "CreateLoadBalancer",
                                ]
                            }
                        }
                      + Effect    = "Allow"
                      + Resource  = [
                          + "arn:aws:elasticloadbalancing:*:*:targetgroup/*/*",
                          + "arn:aws:elasticloadbalancing:*:*:loadbalancer/net/*/*",
                          + "arn:aws:elasticloadbalancing:*:*:loadbalancer/app/*/*",
                        ]
                    },
                  + {
                      + Action   = [
                          + "elasticloadbalancing:RegisterTargets",
                          + "elasticloadbalancing:DeregisterTargets",
                        ]
                      + Effect   = "Allow"
                      + Resource = "arn:aws:elasticloadbalancing:*:*:targetgroup/*/*"
                    },
                  + {
                      + Action   = [
                          + "elasticloadbalancing:SetWebAcl",
                          + "elasticloadbalancing:RemoveListenerCertificates",
                          + "elasticloadbalancing:ModifyRule",
                          + "elasticloadbalancing:ModifyListener",
                          + "elasticloadbalancing:AddListenerCertificates",
                        ]
                      + Effect   = "Allow"
                      + Resource = "*"
                    },
                ]
              + Version   = "2012-10-17"
            }
        )
      + policy_id   = (known after apply)
      + tags        = {
          + "Application" = "Python Weather Application"
          + "Environment" = "Production"
          + "Github_Repo" = "ACCOUNT/REPO_NAME"
          + "IaC"         = "Terraform"
        }
      + tags_all    = {
          + "Application" = "Python Weather Application"
          + "Environment" = "Production"
          + "Github_Repo" = "ACCOUNT/REPO_NAME"
          + "IaC"         = "Terraform"
        }
    }

  # aws_iam_policy.eks_service_account_secret_policy will be created
  + resource "aws_iam_policy" "eks_service_account_secret_policy" {
      + arn         = (known after apply)
      + id          = (known after apply)
      + name        = "EKSServiceAccountSecretPermissions"
      + name_prefix = (known after apply)
      + path        = "/"
      + policy      = jsonencode(
            {
              + Statement = [
                  + {
                      + Action   = [
                          + "secretsmanager:GetSecretValue",
                          + "secretsmanager:DescribeSecret",
                        ]
                      + Effect   = "Allow"
                      + Resource = "arn:aws:secretsmanager:us-east-1:AWS_ACCOUNT_ID:secret:/python-weather-app/api-key-######"
                      + Sid      = "EKSServiceAccountSecretPermissions"
                    },
                ]
              + Version   = "2012-10-17"
            }
        )
      + policy_id   = (known after apply)
      + tags        = {
          + "Application" = "Python Weather Application"
          + "Environment" = "Production"
          + "Github_Repo" = "ACCOUNT/REPO_NAME"
          + "IaC"         = "Terraform"
        }
      + tags_all    = {
          + "Application" = "Python Weather Application"
          + "Environment" = "Production"
          + "Github_Repo" = "ACCOUNT/REPO_NAME"
          + "IaC"         = "Terraform"
        }
    }

  # aws_iam_role.eks_loadbalancer_controller_role will be created
  + resource "aws_iam_role" "eks_loadbalancer_controller_role" {
      + arn                   = (known after apply)
      + assume_role_policy    = (known after apply)
      + create_date           = (known after apply)
      + force_detach_policies = false
      + id                    = (known after apply)
      + managed_policy_arns   = (known after apply)
      + max_session_duration  = 3600
      + name                  = "AmazonEKSLoadBalancerControllerRole"
      + name_prefix           = (known after apply)
      + path                  = "/"
      + tags                  = {
          + "Application" = "Python Weather Application"
          + "Environment" = "Production"
          + "Github_Repo" = "ACCOUNT/REPO_NAME"
          + "IaC"         = "Terraform"
        }
      + tags_all              = {
          + "Application" = "Python Weather Application"
          + "Environment" = "Production"
          + "Github_Repo" = "ACCOUNT/REPO_NAME"
          + "IaC"         = "Terraform"
        }
      + unique_id             = (known after apply)

      + inline_policy (known after apply)
    }

  # aws_iam_role.eks_oidc_role will be created
  + resource "aws_iam_role" "eks_oidc_role" {
      + arn                   = (known after apply)
      + assume_role_policy    = (known after apply)
      + create_date           = (known after apply)
      + force_detach_policies = false
      + id                    = (known after apply)
      + managed_policy_arns   = (known after apply)
      + max_session_duration  = 3600
      + name                  = "eks_oidc_role"
      + name_prefix           = (known after apply)
      + path                  = "/"
      + tags                  = {
          + "Application" = "Python Weather Application"
          + "Environment" = "Production"
          + "Github_Repo" = "ACCOUNT/REPO_NAME"
          + "IaC"         = "Terraform"
        }
      + tags_all              = {
          + "Application" = "Python Weather Application"
          + "Environment" = "Production"
          + "Github_Repo" = "ACCOUNT/REPO_NAME"
          + "IaC"         = "Terraform"
        }
      + unique_id             = (known after apply)

      + inline_policy (known after apply)
    }

  # aws_iam_role.eks_role will be created
  + resource "aws_iam_role" "eks_role" {
      + arn                   = (known after apply)
      + assume_role_policy    = jsonencode(
            {
              + Statement = [
                  + {
                      + Action    = "sts:AssumeRole"
                      + Effect    = "Allow"
                      + Principal = {
                          + Service = "eks.amazonaws.com"
                        }
                      + Sid       = "EKSAssumeRole"
                    },
                ]
              + Version   = "2012-10-17"
            }
        )
      + create_date           = (known after apply)
      + force_detach_policies = false
      + id                    = (known after apply)
      + managed_policy_arns   = (known after apply)
      + max_session_duration  = 3600
      + name                  = "eks-role"
      + name_prefix           = (known after apply)
      + path                  = "/"
      + tags                  = {
          + "Application" = "Python Weather Application"
          + "Environment" = "Production"
          + "Github_Repo" = "ACCOUNT/REPO_NAME"
          + "IaC"         = "Terraform"
        }
      + tags_all              = {
          + "Application" = "Python Weather Application"
          + "Environment" = "Production"
          + "Github_Repo" = "ACCOUNT/REPO_NAME"
          + "IaC"         = "Terraform"
        }
      + unique_id             = (known after apply)

      + inline_policy (known after apply)
    }

  # aws_iam_role.eks_worker_node_role will be created
  + resource "aws_iam_role" "eks_worker_node_role" {
      + arn                   = (known after apply)
      + assume_role_policy    = jsonencode(
            {
              + Statement = [
                  + {
                      + Action    = "sts:AssumeRole"
                      + Effect    = "Allow"
                      + Principal = {
                          + Service = "ec2.amazonaws.com"
                        }
                      + Sid       = "EKSWorkerNodeAssumeRole"
                    },
                ]
              + Version   = "2012-10-17"
            }
        )
      + create_date           = (known after apply)
      + force_detach_policies = false
      + id                    = (known after apply)
      + managed_policy_arns   = (known after apply)
      + max_session_duration  = 3600
      + name                  = "eks-worker-node-role"
      + name_prefix           = (known after apply)
      + path                  = "/"
      + tags                  = {
          + "Application" = "Python Weather Application"
          + "Environment" = "Production"
          + "Github_Repo" = "ACCOUNT/REPO_NAME"
          + "IaC"         = "Terraform"
        }
      + tags_all              = {
          + "Application" = "Python Weather Application"
          + "Environment" = "Production"
          + "Github_Repo" = "ACCOUNT/REPO_NAME"
          + "IaC"         = "Terraform"
        }
      + unique_id             = (known after apply)

      + inline_policy (known after apply)
    }

  # aws_iam_role_policy_attachment.alb_controller_policy_attachment will be created
  + resource "aws_iam_role_policy_attachment" "alb_controller_policy_attachment" {
      + id         = (known after apply)
      + policy_arn = (known after apply)
      + role       = "AmazonEKSLoadBalancerControllerRole"
    }

  # aws_iam_role_policy_attachment.ecr_read_only_policy_attachment will be created
  + resource "aws_iam_role_policy_attachment" "ecr_read_only_policy_attachment" {
      + id         = (known after apply)
      + policy_arn = "arn:aws:iam::aws:policy/AmazonEC2ContainerRegistryReadOnly"
      + role       = "eks-role"
    }

  # aws_iam_role_policy_attachment.eks_cluster_policy_attachment will be created
  + resource "aws_iam_role_policy_attachment" "eks_cluster_policy_attachment" {
      + id         = (known after apply)
      + policy_arn = "arn:aws:iam::aws:policy/AmazonEKSClusterPolicy"
      + role       = "eks-role"
    }

  # aws_iam_role_policy_attachment.eks_cni_policy_attachment will be created
  + resource "aws_iam_role_policy_attachment" "eks_cni_policy_attachment" {
      + id         = (known after apply)
      + policy_arn = "arn:aws:iam::aws:policy/AmazonEKS_CNI_Policy"
      + role       = "eks-worker-node-role"
    }

  # aws_iam_role_policy_attachment.eks_ec2_full_access will be created
  + resource "aws_iam_role_policy_attachment" "eks_ec2_full_access" {
      + id         = (known after apply)
      + policy_arn = "arn:aws:iam::aws:policy/AmazonEC2FullAccess"
      + role       = "eks-worker-node-role"
    }

  # aws_iam_role_policy_attachment.eks_elastic_load_balancing_full_access will be created
  + resource "aws_iam_role_policy_attachment" "eks_elastic_load_balancing_full_access" {
      + id         = (known after apply)
      + policy_arn = "arn:aws:iam::aws:policy/ElasticLoadBalancingFullAccess"
      + role       = "eks-worker-node-role"
    }

  # aws_iam_role_policy_attachment.eks_worker_node_ecr_read_only_policy_attachment will be created
  + resource "aws_iam_role_policy_attachment" "eks_worker_node_ecr_read_only_policy_attachment" {
      + id         = (known after apply)
      + policy_arn = "arn:aws:iam::aws:policy/AmazonEC2ContainerRegistryReadOnly"
      + role       = "eks-worker-node-role"
    }

  # aws_iam_role_policy_attachment.eks_worker_node_policy_attachment will be created
  + resource "aws_iam_role_policy_attachment" "eks_worker_node_policy_attachment" {
      + id         = (known after apply)
      + policy_arn = "arn:aws:iam::aws:policy/AmazonEKSWorkerNodePolicy"
      + role       = "eks-worker-node-role"
    }

  # aws_iam_role_policy_attachment.oidc_secret_policy_attachment will be created
  + resource "aws_iam_role_policy_attachment" "oidc_secret_policy_attachment" {
      + id         = (known after apply)
      + policy_arn = (known after apply)
      + role       = "eks_oidc_role"
    }

  # aws_internet_gateway.eks_internet_gateway will be created
  + resource "aws_internet_gateway" "eks_internet_gateway" {
      + arn      = (known after apply)
      + id       = (known after apply)
      + owner_id = (known after apply)
      + tags     = {
          + "Application" = "Python Weather Application"
          + "Environment" = "Production"
          + "Github_Repo" = "ACCOUNT/REPO_NAME"
          + "IaC"         = "Terraform"
          + "name"        = "EKS-VPC-IG"
        }
      + tags_all = {
          + "Application" = "Python Weather Application"
          + "Environment" = "Production"
          + "Github_Repo" = "ACCOUNT/REPO_NAME"
          + "IaC"         = "Terraform"
          + "name"        = "EKS-VPC-IG"
        }
      + vpc_id   = (known after apply)
    }

  # aws_nat_gateway.eks_nat_gateways[0] will be created
  + resource "aws_nat_gateway" "eks_nat_gateways" {
      + allocation_id                      = (known after apply)
      + association_id                     = (known after apply)
      + connectivity_type                  = "public"
      + id                                 = (known after apply)
      + network_interface_id               = (known after apply)
      + private_ip                         = (known after apply)
      + public_ip                          = (known after apply)
      + secondary_private_ip_address_count = (known after apply)
      + secondary_private_ip_addresses     = (known after apply)
      + subnet_id                          = (known after apply)
      + tags                               = {
          + "Application" = "Python Weather Application"
          + "Environment" = "Production"
          + "Github_Repo" = "ACCOUNT/REPO_NAME"
          + "IaC"         = "Terraform"
          + "Name"        = "EKS-NAT-Gateway-1"
        }
      + tags_all                           = {
          + "Application" = "Python Weather Application"
          + "Environment" = "Production"
          + "Github_Repo" = "ACCOUNT/REPO_NAME"
          + "IaC"         = "Terraform"
          + "Name"        = "EKS-NAT-Gateway-1"
        }
    }

  # aws_nat_gateway.eks_nat_gateways[1] will be created
  + resource "aws_nat_gateway" "eks_nat_gateways" {
      + allocation_id                      = (known after apply)
      + association_id                     = (known after apply)
      + connectivity_type                  = "public"
      + id                                 = (known after apply)
      + network_interface_id               = (known after apply)
      + private_ip                         = (known after apply)
      + public_ip                          = (known after apply)
      + secondary_private_ip_address_count = (known after apply)
      + secondary_private_ip_addresses     = (known after apply)
      + subnet_id                          = (known after apply)
      + tags                               = {
          + "Application" = "Python Weather Application"
          + "Environment" = "Production"
          + "Github_Repo" = "ACCOUNT/REPO_NAME"
          + "IaC"         = "Terraform"
          + "Name"        = "EKS-NAT-Gateway-2"
        }
      + tags_all                           = {
          + "Application" = "Python Weather Application"
          + "Environment" = "Production"
          + "Github_Repo" = "ACCOUNT/REPO_NAME"
          + "IaC"         = "Terraform"
          + "Name"        = "EKS-NAT-Gateway-2"
        }
    }

  # aws_route.eks_private_route_table_routes[0] will be created
  + resource "aws_route" "eks_private_route_table_routes" {
      + destination_cidr_block = "0.0.0.0/0"
      + id                     = (known after apply)
      + instance_id            = (known after apply)
      + instance_owner_id      = (known after apply)
      + nat_gateway_id         = (known after apply)
      + network_interface_id   = (known after apply)
      + origin                 = (known after apply)
      + route_table_id         = (known after apply)
      + state                  = (known after apply)
    }

  # aws_route.eks_private_route_table_routes[1] will be created
  + resource "aws_route" "eks_private_route_table_routes" {
      + destination_cidr_block = "0.0.0.0/0"
      + id                     = (known after apply)
      + instance_id            = (known after apply)
      + instance_owner_id      = (known after apply)
      + nat_gateway_id         = (known after apply)
      + network_interface_id   = (known after apply)
      + origin                 = (known after apply)
      + route_table_id         = (known after apply)
      + state                  = (known after apply)
    }

  # aws_route_table.eks_private_route_tables[0] will be created
  + resource "aws_route_table" "eks_private_route_tables" {
      + arn              = (known after apply)
      + id               = (known after apply)
      + owner_id         = (known after apply)
      + propagating_vgws = (known after apply)
      + route            = (known after apply)
      + tags             = {
          + "Application" = "Python Weather Application"
          + "Environment" = "Production"
          + "Github_Repo" = "ACCOUNT/REPO_NAME"
          + "IaC"         = "Terraform"
          + "Name"        = "Private-Route-Table-1"
        }
      + tags_all         = {
          + "Application" = "Python Weather Application"
          + "Environment" = "Production"
          + "Github_Repo" = "ACCOUNT/REPO_NAME"
          + "IaC"         = "Terraform"
          + "Name"        = "Private-Route-Table-1"
        }
      + vpc_id           = (known after apply)
    }

  # aws_route_table.eks_private_route_tables[1] will be created
  + resource "aws_route_table" "eks_private_route_tables" {
      + arn              = (known after apply)
      + id               = (known after apply)
      + owner_id         = (known after apply)
      + propagating_vgws = (known after apply)
      + route            = (known after apply)
      + tags             = {
          + "Application" = "Python Weather Application"
          + "Environment" = "Production"
          + "Github_Repo" = "ACCOUNT/REPO_NAME"
          + "IaC"         = "Terraform"
          + "Name"        = "Private-Route-Table-2"
        }
      + tags_all         = {
          + "Application" = "Python Weather Application"
          + "Environment" = "Production"
          + "Github_Repo" = "ACCOUNT/REPO_NAME"
          + "IaC"         = "Terraform"
          + "Name"        = "Private-Route-Table-2"
        }
      + vpc_id           = (known after apply)
    }

  # aws_route_table.eks_public_route_table will be created
  + resource "aws_route_table" "eks_public_route_table" {
      + arn              = (known after apply)
      + id               = (known after apply)
      + owner_id         = (known after apply)
      + propagating_vgws = (known after apply)
      + route            = [
          + {
              + cidr_block                 = "0.0.0.0/0"
              + gateway_id                 = (known after apply)
                # (11 unchanged attributes hidden)
            },
        ]
      + tags             = {
          + "Application" = "Python Weather Application"
          + "Environment" = "Production"
          + "Github_Repo" = "ACCOUNT/REPO_NAME"
          + "IaC"         = "Terraform"
          + "Name"        = "Public-Route-Table"
          + "Network"     = "Public"
        }
      + tags_all         = {
          + "Application" = "Python Weather Application"
          + "Environment" = "Production"
          + "Github_Repo" = "ACCOUNT/REPO_NAME"
          + "IaC"         = "Terraform"
          + "Name"        = "Public-Route-Table"
          + "Network"     = "Public"
        }
      + vpc_id           = (known after apply)
    }

  # aws_route_table_association.eks_private_route_table_association[0] will be created
  + resource "aws_route_table_association" "eks_private_route_table_association" {
      + id             = (known after apply)
      + route_table_id = (known after apply)
      + subnet_id      = (known after apply)
    }

  # aws_route_table_association.eks_private_route_table_association[1] will be created
  + resource "aws_route_table_association" "eks_private_route_table_association" {
      + id             = (known after apply)
      + route_table_id = (known after apply)
      + subnet_id      = (known after apply)
    }

  # aws_route_table_association.eks_public_route_table_association[0] will be created
  + resource "aws_route_table_association" "eks_public_route_table_association" {
      + id             = (known after apply)
      + route_table_id = (known after apply)
      + subnet_id      = (known after apply)
    }

  # aws_route_table_association.eks_public_route_table_association[1] will be created
  + resource "aws_route_table_association" "eks_public_route_table_association" {
      + id             = (known after apply)
      + route_table_id = (known after apply)
      + subnet_id      = (known after apply)
    }

  # aws_s3_bucket.eks_terraform_tfstate_bucket will be created
  + resource "aws_s3_bucket" "eks_terraform_tfstate_bucket" {
      + acceleration_status         = (known after apply)
      + acl                         = (known after apply)
      + arn                         = (known after apply)
      + bucket                      = "STATE_BUCKET_NAME"
      + bucket_domain_name          = (known after apply)
      + bucket_prefix               = (known after apply)
      + bucket_regional_domain_name = (known after apply)
      + force_destroy               = false
      + hosted_zone_id              = (known after apply)
      + id                          = (known after apply)
      + object_lock_enabled         = (known after apply)
      + policy                      = (known after apply)
      + region                      = (known after apply)
      + request_payer               = (known after apply)
      + tags                        = {
          + "Application" = "Python Weather Application"
          + "Environment" = "Production"
          + "Github_Repo" = "ACCOUNT/REPO_NAME"
          + "IaC"         = "Terraform"
        }
      + tags_all                    = {
          + "Application" = "Python Weather Application"
          + "Environment" = "Production"
          + "Github_Repo" = "ACCOUNT/REPO_NAME"
          + "IaC"         = "Terraform"
        }
      + website_domain              = (known after apply)
      + website_endpoint            = (known after apply)

      + cors_rule (known after apply)

      + grant (known after apply)

      + lifecycle_rule (known after apply)

      + logging (known after apply)

      + object_lock_configuration (known after apply)

      + replication_configuration (known after apply)

      + server_side_encryption_configuration (known after apply)

      + versioning (known after apply)

      + website (known after apply)
    }

  # aws_s3_bucket_server_side_encryption_configuration.eks_terraform_tfstate_bucket_server_side_encryption_configuration will be created
  + resource "aws_s3_bucket_server_side_encryption_configuration" "eks_terraform_tfstate_bucket_server_side_encryption_configuration" {
      + bucket = (known after apply)
      + id     = (known after apply)

      + rule {
          + apply_server_side_encryption_by_default {
              + sse_algorithm     = "AES256"
                # (1 unchanged attribute hidden)
            }
        }
    }

  # aws_s3_bucket_versioning.eks_terraform_tfstate_bucket_versioning will be created
  + resource "aws_s3_bucket_versioning" "eks_terraform_tfstate_bucket_versioning" {
      + bucket = (known after apply)
      + id     = (known after apply)

      + versioning_configuration {
          + mfa_delete = (known after apply)
          + status     = "Enabled"
        }
    }

  # aws_security_group.eks_controlplane_security_group will be created
  + resource "aws_security_group" "eks_controlplane_security_group" {
      + arn                    = (known after apply)
      + description            = "Managed by Terraform"
      + egress                 = (known after apply)
      + id                     = (known after apply)
      + ingress                = (known after apply)
      + name                   = "EKS-Controlplane-Security-Group"
      + name_prefix            = (known after apply)
      + owner_id               = (known after apply)
      + revoke_rules_on_delete = false
      + tags                   = {
          + "Application" = "Python Weather Application"
          + "Environment" = "Production"
          + "Github_Repo" = "ACCOUNT/REPO_NAME"
          + "IaC"         = "Terraform"
          + "Name"        = "EKS-Controlplane-Security-Group"
        }
      + tags_all               = {
          + "Application" = "Python Weather Application"
          + "Environment" = "Production"
          + "Github_Repo" = "ACCOUNT/REPO_NAME"
          + "IaC"         = "Terraform"
          + "Name"        = "EKS-Controlplane-Security-Group"
        }
      + vpc_id                 = (known after apply)
    }

  # aws_subnet.eks_private_subnets[0] will be created
  + resource "aws_subnet" "eks_private_subnets" {
      + arn                                            = (known after apply)
      + assign_ipv6_address_on_creation                = false
      + availability_zone                              = "us-east-1a"
      + availability_zone_id                           = (known after apply)
      + cidr_block                                     = "10.0.3.0/24"
      + enable_dns64                                   = false
      + enable_resource_name_dns_a_record_on_launch    = false
      + enable_resource_name_dns_aaaa_record_on_launch = false
      + id                                             = (known after apply)
      + ipv6_cidr_block_association_id                 = (known after apply)
      + ipv6_native                                    = false
      + map_public_ip_on_launch                        = false
      + owner_id                                       = (known after apply)
      + private_dns_hostname_type_on_launch            = (known after apply)
      + tags                                           = {
          + "Application"                     = "Python Weather Application"
          + "Environment"                     = "Production"
          + "Github_Repo"                     = "ACCOUNT/REPO_NAME"
          + "IaC"                             = "Terraform"
          + "Name"                            = "EKS-Private-Subnet-1"
          + "kubernetes.io/role/internal-elb" = "1"
        }
      + tags_all                                       = {
          + "Application"                     = "Python Weather Application"
          + "Environment"                     = "Production"
          + "Github_Repo"                     = "ACCOUNT/REPO_NAME"
          + "IaC"                             = "Terraform"
          + "Name"                            = "EKS-Private-Subnet-1"
          + "kubernetes.io/role/internal-elb" = "1"
        }
      + vpc_id                                         = (known after apply)
    }

  # aws_subnet.eks_private_subnets[1] will be created
  + resource "aws_subnet" "eks_private_subnets" {
      + arn                                            = (known after apply)
      + assign_ipv6_address_on_creation                = false
      + availability_zone                              = "us-east-1b"
      + availability_zone_id                           = (known after apply)
      + cidr_block                                     = "10.0.4.0/24"
      + enable_dns64                                   = false
      + enable_resource_name_dns_a_record_on_launch    = false
      + enable_resource_name_dns_aaaa_record_on_launch = false
      + id                                             = (known after apply)
      + ipv6_cidr_block_association_id                 = (known after apply)
      + ipv6_native                                    = false
      + map_public_ip_on_launch                        = false
      + owner_id                                       = (known after apply)
      + private_dns_hostname_type_on_launch            = (known after apply)
      + tags                                           = {
          + "Application"                     = "Python Weather Application"
          + "Environment"                     = "Production"
          + "Github_Repo"                     = "ACCOUNT/REPO_NAME"
          + "IaC"                             = "Terraform"
          + "Name"                            = "EKS-Private-Subnet-2"
          + "kubernetes.io/role/internal-elb" = "1"
        }
      + tags_all                                       = {
          + "Application"                     = "Python Weather Application"
          + "Environment"                     = "Production"
          + "Github_Repo"                     = "ACCOUNT/REPO_NAME"
          + "IaC"                             = "Terraform"
          + "Name"                            = "EKS-Private-Subnet-2"
          + "kubernetes.io/role/internal-elb" = "1"
        }
      + vpc_id                                         = (known after apply)
    }

  # aws_subnet.eks_public_subnets[0] will be created
  + resource "aws_subnet" "eks_public_subnets" {
      + arn                                            = (known after apply)
      + assign_ipv6_address_on_creation                = false
      + availability_zone                              = "us-east-1a"
      + availability_zone_id                           = (known after apply)
      + cidr_block                                     = "10.0.1.0/24"
      + enable_dns64                                   = false
      + enable_resource_name_dns_a_record_on_launch    = false
      + enable_resource_name_dns_aaaa_record_on_launch = false
      + id                                             = (known after apply)
      + ipv6_cidr_block_association_id                 = (known after apply)
      + ipv6_native                                    = false
      + map_public_ip_on_launch                        = true
      + owner_id                                       = (known after apply)
      + private_dns_hostname_type_on_launch            = (known after apply)
      + tags                                           = {
          + "Application"            = "Python Weather Application"
          + "Environment"            = "Production"
          + "Github_Repo"            = "ACCOUNT/REPO_NAME"
          + "IaC"                    = "Terraform"
          + "Name"                   = "EKS-Public-Subnet-1"
          + "kubernetes.io/role/elb" = "1"
        }
      + tags_all                                       = {
          + "Application"            = "Python Weather Application"
          + "Environment"            = "Production"
          + "Github_Repo"            = "ACCOUNT/REPO_NAME"
          + "IaC"                    = "Terraform"
          + "Name"                   = "EKS-Public-Subnet-1"
          + "kubernetes.io/role/elb" = "1"
        }
      + vpc_id                                         = (known after apply)
    }

  # aws_subnet.eks_public_subnets[1] will be created
  + resource "aws_subnet" "eks_public_subnets" {
      + arn                                            = (known after apply)
      + assign_ipv6_address_on_creation                = false
      + availability_zone                              = "us-east-1b"
      + availability_zone_id                           = (known after apply)
      + cidr_block                                     = "10.0.2.0/24"
      + enable_dns64                                   = false
      + enable_resource_name_dns_a_record_on_launch    = false
      + enable_resource_name_dns_aaaa_record_on_launch = false
      + id                                             = (known after apply)
      + ipv6_cidr_block_association_id                 = (known after apply)
      + ipv6_native                                    = false
      + map_public_ip_on_launch                        = true
      + owner_id                                       = (known after apply)
      + private_dns_hostname_type_on_launch            = (known after apply)
      + tags                                           = {
          + "Application"            = "Python Weather Application"
          + "Environment"            = "Production"
          + "Github_Repo"            = "ACCOUNT/REPO_NAME"
          + "IaC"                    = "Terraform"
          + "Name"                   = "EKS-Public-Subnet-2"
          + "kubernetes.io/role/elb" = "1"
        }
      + tags_all                                       = {
          + "Application"            = "Python Weather Application"
          + "Environment"            = "Production"
          + "Github_Repo"            = "ACCOUNT/REPO_NAME"
          + "IaC"                    = "Terraform"
          + "Name"                   = "EKS-Public-Subnet-2"
          + "kubernetes.io/role/elb" = "1"
        }
      + vpc_id                                         = (known after apply)
    }

  # aws_vpc.eks_vpc will be created
  + resource "aws_vpc" "eks_vpc" {
      + arn                                  = (known after apply)
      + cidr_block                           = "10.0.0.0/16"
      + default_network_acl_id               = (known after apply)
      + default_route_table_id               = (known after apply)
      + default_security_group_id            = (known after apply)
      + dhcp_options_id                      = (known after apply)
      + enable_dns_hostnames                 = true
      + enable_dns_support                   = true
      + enable_network_address_usage_metrics = (known after apply)
      + id                                   = (known after apply)
      + instance_tenancy                     = "default"
      + ipv6_association_id                  = (known after apply)
      + ipv6_cidr_block                      = (known after apply)
      + ipv6_cidr_block_network_border_group = (known after apply)
      + main_route_table_id                  = (known after apply)
      + owner_id                             = (known after apply)
      + tags                                 = {
          + "Application" = "Python Weather Application"
          + "Environment" = "Production"
          + "Github_Repo" = "ACCOUNT/REPO_NAME"
          + "IaC"         = "Terraform"
          + "Name"        = "EKS-VPC"
        }
      + tags_all                             = {
          + "Application" = "Python Weather Application"
          + "Environment" = "Production"
          + "Github_Repo" = "ACCOUNT/REPO_NAME"
          + "IaC"         = "Terraform"
          + "Name"        = "EKS-VPC"
        }
    }

  # aws_vpc_security_group_egress_rule.eks_controlplane_egress_rule will be created
  + resource "aws_vpc_security_group_egress_rule" "eks_controlplane_egress_rule" {
      + arn                    = (known after apply)
      + cidr_ipv4              = "0.0.0.0/0"
      + id                     = (known after apply)
      + ip_protocol            = "-1"
      + security_group_id      = (known after apply)
      + security_group_rule_id = (known after apply)
      + tags                   = {
          + "Application" = "Python Weather Application"
          + "Environment" = "Production"
          + "Github_Repo" = "ACCOUNT/REPO_NAME"
          + "IaC"         = "Terraform"
        }
      + tags_all               = {
          + "Application" = "Python Weather Application"
          + "Environment" = "Production"
          + "Github_Repo" = "ACCOUNT/REPO_NAME"
          + "IaC"         = "Terraform"
        }
    }

Plan: 45 to add, 0 to change, 0 to destroy.

Changes to Outputs:
  + private_subnet_ids = [
      + (known after apply),
      + (known after apply),
    ]
  + public_subnet_ids  = [
      + (known after apply),
      + (known after apply),
    ]
  + vpc_id             = (known after apply)
