{"format_version":"1.2","terraform_version":"1.13.5","variables":{"aws_account_id":{"value":"AWS_ACCOUNT_ID"},"aws_managed_key_id_secrets_manager":{"value":"AWS_MANAGED_KEY_ID"},"private_subnet_cidrs":{"value":["10.0.3.0/24","10.0.4.0/24"]},"public_subnet_cidrs":{"value":["10.0.1.0/24","10.0.2.0/24"]},"region":{"value":"us-east-1"},"secret":{"value":"python-weather-app/api-key-######"},"tags":{"value":{"Application":"Python Weather Application","Environment":"Production","Github_Repo":"ACCOUNT/REPO_NAME","IaC":"Terraform"}},"tf_state_bucket":{"value":"STATE_BUCKET_NAME"}},"planned_values":{"outputs":{"private_subnet_ids":{"sensitive":false},"public_subnet_ids":{"sensitive":false},"vpc_id":{"sensitive":false}},"root_module":{"resources":[{"address":"aws_dynamodb_table.eks_terraform_tfstate_lock","mode":"managed","type":"aws_dynamodb_table","name":"eks_terraform_tfstate_lock","provider_name":"registry.terraform.io/hashicorp/aws","schema_version":1,"values":{"attribute":[{"name":"LockID","type":"S"}],"billing_mode":"PROVISIONED","deletion_protection_enabled":null,"global_secondary_index":[],"hash_key":"LockID","import_table":[],"local_secondary_index":[],"name":"eks-terraform-statelock","range_key":null,"read_capacity":5,"replica":[],"restore_date_time":null,"restore_source_name":null,"restore_to_latest_time":null,"stream_enabled":null,"table_class":null,"tags":{"Application":"Python Weather Application","Environment":"Production","Github_Repo":"ACCOUNT/REPO_NAME","IaC":"Terraform"},"tags_all":{"Application":"Python Weather Application","Environment":"Production","Github_Repo":"ACCOUNT/REPO_NAME","IaC":"Terraform"},"timeouts":null,"write_capacity":5},"sensitive_values":{"attribute":[{}],"global_secondary_index":[],"import_table":[],"local_secondary_index":[],"point_in_time_recovery":[],"replica":[],"server_side_encryption":[],"tags":{},"tags_all":{},"ttl":[]}},{"address":"aws_ecr_repository.eks_python_weather_app","mode":"managed","type":"aws_ecr_repository","name":"eks_python_weather_app","provider_name":"registry.terraform.io/hashicorp/aws","schema_version":0,"values":{"encryption_configuration":[],"force_delete":null,"image_scanning_configuration":[{"scan_on_push":true}],"image_tag_mutability":"MUTABLE","name":"eks-python-weather-app","tags":{"Application":"Python Weather Application","Environment":"Production","Github_Repo":"ACCOUNT/REPO_NAME","IaC":"Terraform"},"tags_all":{"Application":"Python Weather Application","Environment":"Production","Github_Repo":"ACCOUNT/REPO_NAME","IaC":"Terraform"},"timeouts":null},"sensitive_values":{"encryption_configuration":[],"image_scanning_configuration":[{}],"tags":{},"tags_all":{}}},{"address":"aws_eip.eks_eips[0]","mode":"managed","type":"aws_eip","name":"eks_eips","index":0,"provider_name":"registry.terraform.io/hashicorp/aws","schema_version":0,"values":{"address":null,"associate_with_private_ip":null,"customer_owned_ipv4_pool":null,"domain":"vpc","tags":{"Application":"Python Weather Application","Environment":"Production","Github_Repo":"ACCOUNT/REPO_NAME","IaC":"Terraform","Name":"EKS-EIP-1"},"tags_all":{"Application":"Python Weather Application","Environment":"Production","Github_Repo":"ACCOUNT/REPO_NAME","IaC":"Terraform","Name":"EKS-EIP-1"},"timeouts":null},"sensitive_values":{"tags":{},"tags_all":{}}},{"address":"aws_eip.eks_eips[1]","mode":"managed","type":"aws_eip","name":"eks_eips","index":1,"provider_name":"registry.terraform.io/hashicorp/aws","schema_version":0,"values":{"address":null,"associate_with_private_ip":null,"customer_owned_ipv4_pool":null,"domain":"vpc","tags":{"Application":"Python Weather Application","Environment":"Production","Github_Repo":"ACCOUNT/REPO_NAME","IaC":"Terraform","Name":"EKS-EIP-2"},"tags_all":{"Application":"Python Weather Application","Environment":"Production","Github_Repo":"ACCOUNT/REPO_NAME","IaC":"Terraform","Name":"EKS-EIP-2"},"timeouts":null},"sensitive_values":{"tags":{},"tags_all":{}}},{"address":"aws_eks_cluster.eks_cluster","mode":"managed","type":"aws_eks_cluster","name":"eks_cluster","provider_name":"registry.terraform.io/hashicorp/aws","schema_version":0,"values":{"enabled_cluster_log_types":null,"encryption_config":[],"name":"EKS-Cluster","outpost_config":[],"tags":{"Application":"Python Weather Application","Environment":"Production","Github_Repo":"ACCOUNT/REPO_NAME","IaC":"Terraform"},"tags_all":{"Application":"Python Weather Application","Environment":"Production","Github_Repo":"ACCOUNT/REPO_NAME","IaC":"Terraform"},"timeouts":null,"vpc_config":[{"endpoint_private_access":false,"endpoint_public_access":true,"security_group_ids":null}]},"sensitive_values":{"access_config":[],"certificate_authority":[],"encryption_config":[],"identity":[],"kubernetes_network_config":[],"outpost_config":[],"tags":{},"tags_all":{},"vpc_config":[{"public_access_cidrs":[],"subnet_ids":[]}]}},{"address":"aws_eks_identity_provider_config.eks_provider_config","mode":"managed","type":"aws_eks_identity_provider_config","name":"eks_provider_config","provider_name":"registry.terraform.io/hashicorp/aws","schema_version":0,"values":{"cluster_name":"EKS-Cluster","oidc":[{"groups_claim":null,"groups_prefix":null,"identity_provider_config_name":"eks_oidc_provider_config","required_claims":null,"username_claim":null,"username_prefix":null}],"tags":{"Application":"Python Weather Application","Environment":"Production","Github_Repo":"ACCOUNT/REPO_NAME","IaC":"Terraform"},"tags_all":{"Application":"Python Weather Application","Environment":"Production","Github_Repo":"ACCOUNT/REPO_NAME","IaC":"Terraform"},"timeouts":null},"sensitive_values":{"oidc":[{}],"tags":{},"tags_all":{}}},{"address":"aws_eks_node_group.eks_worker_node_group","mode":"managed","type":"aws_eks_node_group","name":"eks_worker_node_group","provider_name":"registry.terraform.io/hashicorp/aws","schema_version":0,"values":{"cluster_name":"EKS-Cluster","force_update_version":null,"instance_types":["t3.small"],"labels":null,"launch_template":[],"remote_access":[],"scaling_config":[{"desired_size":2,"max_size":3,"min_size":2}],"tags":{"Application":"Python Weather Application","Environment":"Production","Github_Repo":"ACCOUNT/REPO_NAME","IaC":"Terraform"},"tags_all":{"Application":"Python Weather Application","Environment":"Production","Github_Repo":"ACCOUNT/REPO_NAME","IaC":"Terraform"},"taint":[],"timeouts":null},"sensitive_values":{"instance_types":[false],"launch_template":[],"remote_access":[],"resources":[],"scaling_config":[{}],"subnet_ids":[],"tags":{},"tags_all":{},"taint":[],"update_config":[]}},{"address":"aws_iam_openid_connect_provider.eks","mode":"managed","type":"aws_iam_openid_connect_provider","name":"eks","provider_name":"registry.terraform.io/hashicorp/aws","schema_version":0,"values":{"client_id_list":["sts.amazonaws.com"],"tags":{"Application":"Python Weather Application","Environment":"Production","Github_Repo":"ACCOUNT/REPO_NAME","IaC":"Terraform"},"tags_all":{"Application":"Python Weather Application","Environment":"Production","Github_Repo":"ACCOUNT/REPO_NAME","IaC":"Terraform"}},"sensitive_values":{"client_id_list":[false],"tags":{},"tags_all":{},"thumbprint_list":[]}},{"address":"aws_iam_policy.alb_controller_policy","mode":"managed","type":"aws_iam_policy","name":"alb_controller_policy","provider_name":"registry.terraform.io/hashicorp/aws","schema_version":0,"values":{"description":null,"name":"AWSLoadBalancerControllerIAMPolicy","path":"/","policy":"{\"Statement\":[{\"Action\":\"iam:CreateServiceLinkedRole\",\"Condition\":{\"StringEquals\":{\"iam:AWSServiceName\":\"elasticloadbalancing.amazonaws.com\"}},\"Effect\":\"Allow\",\"Resource\":\"*\"},{\"Action\":[\"wafv2:GetWebACLForResource\",\"wafv2:GetWebACL\",\"wafv2:DisassociateWebACL\",\"wafv2:AssociateWebACL\",\"waf-regional:GetWebACLForResource\",\"waf-regional:GetWebACL\",\"waf-regional:DisassociateWebACL\",\"waf-regional:AssociateWebACL\",\"shield:GetSubscriptionState\",\"shield:DescribeProtection\",\"shield:DeleteProtection\",\"shield:CreateProtection\",\"iam:ListServerCertificates\",\"iam:GetServerCertificate\",\"elasticloadbalancing:SetWebAcl\",\"elasticloadbalancing:SetSubnets\",\"elasticloadbalancing:SetSecurityGroups\",\"elasticloadbalancing:SetIpAddressType\",\"elasticloadbalancing:RemoveTags\",\"elasticloadbalancing:RemoveListenerCertificates\",\"elasticloadbalancing:RegisterTargets\",\"elasticloadbalancing:ModifyTargetGroupAttributes\",\"elasticloadbalancing:ModifyTargetGroup\",\"elasticloadbalancing:ModifyRule\",\"elasticloadbalancing:ModifyLoadBalancerAttributes\",\"elasticloadbalancing:ModifyListener\",\"elasticloadbalancing:DescribeTrustStores\",\"elasticloadbalancing:DescribeTargetHealth\",\"elasticloadbalancing:DescribeTargetGroups\",\"elasticloadbalancing:DescribeTargetGroupAttributes\",\"elasticloadbalancing:DescribeTags\",\"elasticloadbalancing:DescribeSSLPolicies\",\"elasticloadbalancing:DescribeRules\",\"elasticloadbalancing:DescribeLoadBalancers\",\"elasticloadbalancing:DescribeLoadBalancerAttributes\",\"elasticloadbalancing:DescribeListeners\",\"elasticloadbalancing:DescribeListenerCertificates\",\"elasticloadbalancing:DeregisterTargets\",\"elasticloadbalancing:DeleteTargetGroup\",\"elasticloadbalancing:DeleteRule\",\"elasticloadbalancing:DeleteLoadBalancer\",\"elasticloadbalancing:DeleteListener\",\"elasticloadbalancing:CreateTargetGroup\",\"elasticloadbalancing:CreateRule\",\"elasticloadbalancing:CreateLoadBalancer\",\"elasticloadbalancing:CreateListener\",\"elasticloadbalancing:AddTags\",\"elasticloadbalancing:AddListenerCertificates\",\"ec2:RevokeSecurityGroupIngress\",\"ec2:GetCoipPoolUsage\",\"ec2:DescribeVpcs\",\"ec2:DescribeVpcPeeringConnections\",\"ec2:DescribeTags\",\"ec2:DescribeSubnets\",\"ec2:DescribeSecurityGroups\",\"ec2:DescribeNetworkInterfaces\",\"ec2:DescribeInternetGateways\",\"ec2:DescribeInstances\",\"ec2:DescribeCoipPools\",\"ec2:DescribeAvailabilityZones\",\"ec2:DescribeAddresses\",\"ec2:DescribeAccountAttributes\",\"ec2:DeleteTags\",\"ec2:DeleteSecurityGroup\",\"ec2:CreateTags\",\"ec2:CreateSecurityGroup\",\"ec2:AuthorizeSecurityGroupIngress\",\"cognito-idp:DescribeUserPoolClient\",\"acm:ListCertificates\",\"acm:DescribeCertificate\"],\"Effect\":\"Allow\",\"Resource\":\"*\"},{\"Action\":\"ec2:CreateSecurityGroup\",\"Effect\":\"Allow\",\"Resource\":\"*\"},{\"Action\":\"ec2:CreateTags\",\"Condition\":{\"Null\":{\"aws:RequestTag/elbv2.k8s.aws/cluster\":\"false\"},\"StringEquals\":{\"ec2:CreateAction\":\"CreateSecurityGroup\"}},\"Effect\":\"Allow\",\"Resource\":\"arn:aws:ec2:*:*:security-group/*\"},{\"Action\":[\"ec2:DeleteTags\",\"ec2:CreateTags\"],\"Condition\":{\"Null\":{\"aws:RequestTag/elbv2.k8s.aws/cluster\":\"true\",\"aws:ResourceTag/elbv2.k8s.aws/cluster\":\"false\"}},\"Effect\":\"Allow\",\"Resource\":\"arn:aws:ec2:*:*:security-group/*\"},{\"Action\":[\"ec2:RevokeSecurityGroupIngress\",\"ec2:DeleteSecurityGroup\",\"ec2:AuthorizeSecurityGroupIngress\"],\"Condition\":{\"Null\":{\"aws:ResourceTag/elbv2.k8s.aws/cluster\":\"false\"}},\"Effect\":\"Allow\",\"Resource\":\"*\"},{\"Action\":[\"elasticloadbalancing:CreateTargetGroup\",\"elasticloadbalancing:CreateLoadBalancer\"],\"Condition\":{\"Null\":{\"aws:RequestTag/elbv2.k8s.aws/cluster\":\"false\"}},\"Effect\":\"Allow\",\"Resource\":\"*\"},{\"Action\":[\"elasticloadbalancing:DeleteRule\",\"elasticloadbalancing:DeleteListener\",\"elasticloadbalancing:CreateRule\",\"elasticloadbalancing:CreateListener\"],\"Effect\":\"Allow\",\"Resource\":\"*\"},{\"Action\":[\"elasticloadbalancing:RemoveTags\",\"elasticloadbalancing:AddTags\"],\"Condition\":{\"Null\":{\"aws:RequestTag/elbv2.k8s.aws/cluster\":\"true\",\"aws:ResourceTag/elbv2.k8s.aws/cluster\":\"false\"}},\"Effect\":\"Allow\",\"Resource\":[\"arn:aws:elasticloadbalancing:*:*:targetgroup/*/*\",\"arn:aws:elasticloadbalancing:*:*:loadbalancer/net/*/*\",\"arn:aws:elasticloadbalancing:*:*:loadbalancer/app/*/*\"]},{\"Action\":[\"elasticloadbalancing:RemoveTags\",\"elasticloadbalancing:AddTags\"],\"Effect\":\"Allow\",\"Resource\":[\"arn:aws:elasticloadbalancing:*:*:listener/net/*/*/*\",\"arn:aws:elasticloadbalancing:*:*:listener/app/*/*/*\",\"arn:aws:elasticloadbalancing:*:*:listener-rule/net/*/*/*\",\"arn:aws:elasticloadbalancing:*:*:listener-rule/app/*/*/*\"]},{\"Action\":[\"elasticloadbalancing:SetSubnets\",\"elasticloadbalancing:SetSecurityGroups\",\"elasticloadbalancing:SetIpAddressType\",\"elasticloadbalancing:ModifyTargetGroupAttributes\",\"elasticloadbalancing:ModifyTargetGroup\",\"elasticloadbalancing:ModifyLoadBalancerAttributes\",\"elasticloadbalancing:DeleteTargetGroup\",\"elasticloadbalancing:DeleteLoadBalancer\"],\"Condition\":{\"Null\":{\"aws:ResourceTag/elbv2.k8s.aws/cluster\":\"false\"}},\"Effect\":\"Allow\",\"Resource\":\"*\"},{\"Action\":\"elasticloadbalancing:AddTags\",\"Condition\":{\"Null\":{\"aws:RequestTag/elbv2.k8s.aws/cluster\":\"false\"},\"StringEquals\":{\"elasticloadbalancing:CreateAction\":[\"CreateTargetGroup\",\"CreateLoadBalancer\"]}},\"Effect\":\"Allow\",\"Resource\":[\"arn:aws:elasticloadbalancing:*:*:targetgroup/*/*\",\"arn:aws:elasticloadbalancing:*:*:loadbalancer/net/*/*\",\"arn:aws:elasticloadbalancing:*:*:loadbalancer/app/*/*\"]},{\"Action\":[\"elasticloadbalancing:RegisterTargets\",\"elasticloadbalancing:DeregisterTargets\"],\"Effect\":\"Allow\",\"Resource\":\"arn:aws:elasticloadbalancing:*:*:targetgroup/*/*\"},{\"Action\":[\"elasticloadbalancing:SetWebAcl\",\"elasticloadbalancing:RemoveListenerCertificates\",\"elasticloadbalancing:ModifyRule\",\"elasticloadbalancing:ModifyListener\",\"elasticloadbalancing:AddListenerCertificates\"],\"Effect\":\"Allow\",\"Resource\":\"*\"}],\"Version\":\"2012-10-17\"}","tags":{"Application":"Python Weather Application","Environment":"Production","Github_Repo":"ACCOUNT/REPO_NAME","IaC":"Terraform"},"tags_all":{"Application":"Python Weather Application","Environment":"Production","Github_Repo":"ACCOUNT/REPO_NAME","IaC":"Terraform"}},"sensitive_values":{"tags":{},"tags_all":{}}},{"address":"aws_iam_policy.eks_service_account_secret_policy","mode":"managed","type":"aws_iam_policy","name":"eks_service_account_secret_policy","provider_name":"registry.terraform.io/hashicorp/aws","schema_version":0,"values":{"description":null,"name":"EKSServiceAccountSecretPermissions","path":"/","policy":"{\"Statement\":[{\"Action\":[\"secretsmanager:GetSecretValue\",\"secretsmanager:DescribeSecret\"],\"Effect\":\"Allow\",\"Resource\":\"arn:aws:secretsmanager:us-east-1:AWS_ACCOUNT_ID:secret:/python-weather-app/api-key-######\",\"Sid\":\"EKSServiceAccountSecretPermissions\"}],\"Version\":\"2012-10-17\"}","tags":{"Application":"Python Weather Application","Environment":"Production","Github_Repo":"ACCOUNT/REPO_NAME","IaC":"Terraform"},"tags_all":{"Application":"Python Weather Application","Environment":"Production","Github_Repo":"ACCOUNT/REPO_NAME","IaC":"Terraform"}},"sensitive_values":{"tags":{},"tags_all":{}}},{"address":"aws_iam_role.eks_loadbalancer_controller_role","mode":"managed","type":"aws_iam_role","name":"eks_loadbalancer_controller_role","provider_name":"registry.terraform.io/hashicorp/aws","schema_version":0,"values":{"description":null,"force_detach_policies":false,"max_session_duration":3600,"name":"AmazonEKSLoadBalancerControllerRole","path":"/","permissions_boundary":null,"tags":{"Application":"Python Weather Application","Environment":"Production","Github_Repo":"ACCOUNT/REPO_NAME","IaC":"Terraform"},"tags_all":{"Application":"Python Weather Application","Environment":"Production","Github_Repo":"ACCOUNT/REPO_NAME","IaC":"Terraform"}},"sensitive_values":{"inline_policy":[],"managed_policy_arns":[],"tags":{},"tags_all":{}}},{"address":"aws_iam_role.eks_oidc_role","mode":"managed","type":"aws_iam_role","name":"eks_oidc_role","provider_name":"registry.terraform.io/hashicorp/aws","schema_version":0,"values":{"description":null,"force_detach_policies":false,"max_session_duration":3600,"name":"eks_oidc_role","path":"/","permissions_boundary":null,"tags":{"Application":"Python Weather Application","Environment":"Production","Github_Repo":"ACCOUNT/REPO_NAME","IaC":"Terraform"},"tags_all":{"Application":"Python Weather Application","Environment":"Production","Github_Repo":"ACCOUNT/REPO_NAME","IaC":"Terraform"}},"sensitive_values":{"inline_policy":[],"managed_policy_arns":[],"tags":{},"tags_all":{}}},{"address":"aws_iam_role.eks_role","mode":"managed","type":"aws_iam_role","name":"eks_role","provider_name":"registry.terraform.io/hashicorp/aws","schema_version":0,"values":{"assume_role_policy":"{\"Statement\":[{\"Action\":\"sts:AssumeRole\",\"Effect\":\"Allow\",\"Principal\":{\"Service\":\"eks.amazonaws.com\"},\"Sid\":\"EKSAssumeRole\"}],\"Version\":\"2012-10-17\"}","description":null,"force_detach_policies":false,"max_session_duration":3600,"name":"eks-role","path":"/","permissions_boundary":null,"tags":{"Application":"Python Weather Application","Environment":"Production","Github_Repo":"ACCOUNT/REPO_NAME","IaC":"Terraform"},"tags_all":{"Application":"Python Weather Application","Environment":"Production","Github_Repo":"ACCOUNT/REPO_NAME","IaC":"Terraform"}},"sensitive_values":{"inline_policy":[],"managed_policy_arns":[],"tags":{},"tags_all":{}}},{"address":"aws_iam_role.eks_worker_node_role","mode":"managed","type":"aws_iam_role","name":"eks_worker_node_role","provider_name":"registry.terraform.io/hashicorp/aws","schema_version":0,"values":{"assume_role_policy":"{\"Statement\":[{\"Action\":\"sts:AssumeRole\",\"Effect\":\"Allow\",\"Principal\":{\"Service\":\"ec2.amazonaws.com\"},\"Sid\":\"EKSWorkerNodeAssumeRole\"}],\"Version\":\"2012-10-17\"}","description":null,"force_detach_policies":false,"max_session_duration":3600,"name":"eks-worker-node-role","path":"/","permissions_boundary":null,"tags":{"Application":"Python Weather Application","Environment":"Production","Github_Repo":"ACCOUNT/REPO_NAME","IaC":"Terraform"},"tags_all":{"Application":"Python Weather Application","Environment":"Production","Github_Repo":"ACCOUNT/REPO_NAME","IaC":"Terraform"}},"sensitive_values":{"inline_policy":[],"managed_policy_arns":[],"tags":{},"tags_all":{}}},{"address":"aws_iam_role_policy_attachment.alb_controller_policy_attachment","mode":"managed","type":"aws_iam_role_policy_attachment","name":"alb_controller_policy_attachment","provider_name":"registry.terraform.io/hashicorp/aws","schema_version":0,"values":{"role":"AmazonEKSLoadBalancerControllerRole"},"sensitive_values":{}},{"address":"aws_iam_role_policy_attachment.ecr_read_only_policy_attachment","mode":"managed","type":"aws_iam_role_policy_attachment","name":"ecr_read_only_policy_attachment","provider_name":"registry.terraform.io/hashicorp/aws","schema_version":0,"values":{"policy_arn":"arn:aws:iam::aws:policy/AmazonEC2ContainerRegistryReadOnly","role":"eks-role"},"sensitive_values":{}},{"address":"aws_iam_role_policy_attachment.eks_cluster_policy_attachment","mode":"managed","type":"aws_iam_role_policy_attachment","name":"eks_cluster_policy_attachment","provider_name":"registry.terraform.io/hashicorp/aws","schema_version":0,"values":{"policy_arn":"arn:aws:iam::aws:policy/AmazonEKSClusterPolicy","role":"eks-role"},"sensitive_values":{}},{"address":"aws_iam_role_policy_attachment.eks_cni_policy_attachment","mode":"managed","type":"aws_iam_role_policy_attachment","name":"eks_cni_policy_attachment","provider_name":"registry.terraform.io/hashicorp/aws","schema_version":0,"values":{"policy_arn":"arn:aws:iam::aws:policy/AmazonEKS_CNI_Policy","role":"eks-worker-node-role"},"sensitive_values":{}},{"address":"aws_iam_role_policy_attachment.eks_ec2_full_access","mode":"managed","type":"aws_iam_role_policy_attachment","name":"eks_ec2_full_access","provider_name":"registry.terraform.io/hashicorp/aws","schema_version":0,"values":{"policy_arn":"arn:aws:iam::aws:policy/AmazonEC2FullAccess","role":"eks-worker-node-role"},"sensitive_values":{}},{"address":"aws_iam_role_policy_attachment.eks_elastic_load_balancing_full_access","mode":"managed","type":"aws_iam_role_policy_attachment","name":"eks_elastic_load_balancing_full_access","provider_name":"registry.terraform.io/hashicorp/aws","schema_version":0,"values":{"policy_arn":"arn:aws:iam::aws:policy/ElasticLoadBalancingFullAccess","role":"eks-worker-node-role"},"sensitive_values":{}},{"address":"aws_iam_role_policy_attachment.eks_worker_node_ecr_read_only_policy_attachment","mode":"managed","type":"aws_iam_role_policy_attachment","name":"eks_worker_node_ecr_read_only_policy_attachment","provider_name":"registry.terraform.io/hashicorp/aws","schema_version":0,"values":{"policy_arn":"arn:aws:iam::aws:policy/AmazonEC2ContainerRegistryReadOnly","role":"eks-worker-node-role"},"sensitive_values":{}},{"address":"aws_iam_role_policy_attachment.eks_worker_node_policy_attachment","mode":"managed","type":"aws_iam_role_policy_attachment","name":"eks_worker_node_policy_attachment","provider_name":"registry.terraform.io/hashicorp/aws","schema_version":0,"values":{"policy_arn":"arn:aws:iam::aws:policy/AmazonEKSWorkerNodePolicy","role":"eks-worker-node-role"},"sensitive_values":{}},{"address":"aws_iam_role_policy_attachment.oidc_secret_policy_attachment","mode":"managed","type":"aws_iam_role_policy_attachment","name":"oidc_secret_policy_attachment","provider_name":"registry.terraform.io/hashicorp/aws","schema_version":0,"values":{"role":"eks_oidc_role"},"sensitive_values":{}},{"address":"aws_internet_gateway.eks_internet_gateway","mode":"managed","type":"aws_internet_gateway","name":"eks_internet_gateway","provider_name":"registry.terraform.io/hashicorp/aws","schema_version":0,"values":{"tags":{"Application":"Python Weather Application","Environment":"Production","Github_Repo":"ACCOUNT/REPO_NAME","IaC":"Terraform","name":"EKS-VPC-IG"},"tags_all":{"Application":"Python Weather Application","Environment":"Production","Github_Repo":"ACCOUNT/REPO_NAME","IaC":"Terraform","name":"EKS-VPC-IG"},"timeouts":null},"sensitive_values":{"tags":{},"tags_all":{}}},{"address":"aws_nat_gateway.eks_nat_gateways[0]","mode":"managed","type":"aws_nat_gateway","name":"eks_nat_gateways","index":0,"provider_name":"registry.terraform.io/hashicorp/aws","schema_version":0,"values":{"connectivity_type":"public","secondary_allocation_ids":null,"tags":{"Application":"Python Weather Application","Environment":"Production","Github_Repo":"ACCOUNT/REPO_NAME","IaC":"Terraform","Name":"EKS-NAT-Gateway-1"},"tags_all":{"Application":"Python Weather Application","Environment":"Production","Github_Repo":"ACCOUNT/REPO_NAME","IaC":"Terraform","Name":"EKS-NAT-Gateway-1"},"timeouts":null},"sensitive_values":{"secondary_private_ip_addresses":[],"tags":{},"tags_all":{}}},{"address":"aws_nat_gateway.eks_nat_gateways[1]","mode":"managed","type":"aws_nat_gateway","name":"eks_nat_gateways","index":1,"provider_name":"registry.terraform.io/hashicorp/aws","schema_version":0,"values":{"connectivity_type":"public","secondary_allocation_ids":null,"tags":{"Application":"Python Weather Application","Environment":"Production","Github_Repo":"ACCOUNT/REPO_NAME","IaC":"Terraform","Name":"EKS-NAT-Gateway-2"},"tags_all":{"Application":"Python Weather Application","Environment":"Production","Github_Repo":"ACCOUNT/REPO_NAME","IaC":"Terraform","Name":"EKS-NAT-Gateway-2"},"timeouts":null},"sensitive_values":{"secondary_private_ip_addresses":[],"tags":{},"tags_all":{}}},{"address":"aws_route.eks_private_route_table_routes[0]","mode":"managed","type":"aws_route","name":"eks_private_route_table_routes","index":0,"provider_name":"registry.terraform.io/hashicorp/aws","schema_version":0,"values":{"carrier_gateway_id":null,"core_network_arn":null,"destination_cidr_block":"0.0.0.0/0","destination_ipv6_cidr_block":null,"destination_prefix_list_id":null,"egress_only_gateway_id":null,"gateway_id":null,"local_gateway_id":null,"timeouts":null,"transit_gateway_id":null,"vpc_endpoint_id":null,"vpc_peering_connection_id":null},"sensitive_values":{}},{"address":"aws_route.eks_private_route_table_routes[1]","mode":"managed","type":"aws_route","name":"eks_private_route_table_routes","index":1,"provider_name":"registry.terraform.io/hashicorp/aws","schema_version":0,"values":{"carrier_gateway_id":null,"core_network_arn":null,"destination_cidr_block":"0.0.0.0/0","destination_ipv6_cidr_block":null,"destination_prefix_list_id":null,"egress_only_gateway_id":null,"gateway_id":null,"local_gateway_id":null,"timeouts":null,"transit_gateway_id":null,"vpc_endpoint_id":null,"vpc_peering_connection_id":null},"sensitive_values":{}},{"address":"aws_route_table.eks_private_route_tables[0]","mode":"managed","type":"aws_route_table","name":"eks_private_route_tables","index":0,"provider_name":"registry.terraform.io/hashicorp/aws","schema_version":0,"values":{"tags":{"Application":"Python Weather Application","Environment":"Production","Github_Repo":"ACCOUNT/REPO_NAME","IaC":"Terraform","Name":"Private-Route-Table-1"},"tags_all":{"Application":"Python Weather Application","Environment":"Production","Github_Repo":"ACCOUNT/REPO_NAME","IaC":"Terraform","Name":"Private-Route-Table-1"},"timeouts":null},"sensitive_values":{"propagating_vgws":[],"route":[],"tags":{},"tags_all":{}}},{"address":"aws_route_table.eks_private_route_tables[1]","mode":"managed","type":"aws_route_table","name":"eks_private_route_tables","index":1,"provider_name":"registry.terraform.io/hashicorp/aws","schema_version":0,"values":{"tags":{"Application":"Python Weather Application","Environment":"Production","Github_Repo":"ACCOUNT/REPO_NAME","IaC":"Terraform","Name":"Private-Route-Table-2"},"tags_all":{"Application":"Python Weather Application","Environment":"Production","Github_Repo":"ACCOUNT/REPO_NAME","IaC":"Terraform","Name":"Private-Route-Table-2"},"timeouts":null},"sensitive_values":{"propagating_vgws":[],"route":[],"tags":{},"tags_all":{}}},{"address":"aws_route_table.eks_public_route_table","mode":"managed","type":"aws_route_table","name":"eks_public_route_table","provider_name":"registry.terraform.io/hashicorp/aws","schema_version":0,"values":{"route":[{"carrier_gateway_id":"","cidr_block":"0.0.0.0/0","core_network_arn":"","destination_prefix_list_id":"","egress_only_gateway_id":"","ipv6_cidr_block":"","local_gateway_id":"","nat_gateway_id":"","network_interface_id":"","transit_gateway_id":"","vpc_endpoint_id":"","vpc_peering_connection_id":""}],"tags":{"Application":"Python Weather Application","Environment":"Production","Github_Repo":"ACCOUNT/REPO_NAME","IaC":"Terraform","Name":"Public-Route-Table","Network":"Public"},"tags_all":{"Application":"Python Weather Application","Environment":"Production","Github_Repo":"ACCOUNT/REPO_NAME","IaC":"Terraform","Name":"Public-Route-Table","Network":"Public"},"timeouts":null},"sensitive_values":{"propagating_vgws":[],"route":[{}],"tags":{},"tags_all":{}}},{"address":"aws_route_table_association.eks_private_route_table_association[0]","mode":"managed","type":"aws_route_table_association","name":"eks_private_route_table_association","index":0,"provider_name":"registry.terraform.io/hashicorp/aws","schema_version":0,"values":{"gateway_id":null,"timeouts":null},"sensitive_values":{}},{"address":"aws_route_table_association.eks_private_route_table_association[1]","mode":"managed","type":"aws_route_table_association","name":"eks_private_route_table_association","index":1,"provider_name":"registry.terraform.io/hashicorp/aws","schema_version":0,"values":{"gateway_id":null,"timeouts":null},"sensitive_values":{}},{"address":"aws_route_table_association.eks_public_route_table_association[0]","mode":"managed","type":"aws_route_table_association","name":"eks_public_route_table_association","index":0,"provider_name":"registry.terraform.io/hashicorp/aws","schema_version":0,"values":{"gateway_id":null,"timeouts":null},"sensitive_values":{}},{"address":"aws_route_table_association.eks_public_route_table_association[1]","mode":"managed","type":"aws_route_table_association","name":"eks_public_route_table_association","index":1,"provider_name":"registry.terraform.io/hashicorp/aws","schema_version":0,"values":{"gateway_id":null,"timeouts":null},"sensitive_values":{}},{"address":"aws_s3_bucket.eks_terraform_tfstate_bucket","mode":"managed","type":"aws_s3_bucket","name":"eks_terraform_tfstate_bucket","provider_name":"registry.terraform.io/hashicorp/aws","schema_version":0,"values":{"bucket":"STATE_BUCKET_NAME","force_destroy":false,"tags":{"Application":"Python Weather Application","Environment":"Production","Github_Repo":"ACCOUNT/REPO_NAME","IaC":"Terraform"},"tags_all":{"Application":"Python Weather Application","Environment":"Production","Github_Repo":"ACCOUNT/REPO_NAME","IaC":"Terraform"},"timeouts":null},"sensitive_values":{"cors_rule":[],"grant":[],"lifecycle_rule":[],"logging":[],"object_lock_configuration":[],"replication_configuration":[],"server_side_encryption_configuration":[],"tags":{},"tags_all":{},"versioning":[],"website":[]}},{"address":"aws_s3_bucket_server_side_encryption_configuration.eks_terraform_tfstate_bucket_server_side_encryption_configuration","mode":"managed","type":"aws_s3_bucket_server_side_encryption_configuration","name":"eks_terraform_tfstate_bucket_server_side_encryption_configuration","provider_name":"registry.terraform.io/hashicorp/aws","schema_version":0,"values":{"expected_bucket_owner":null,"rule":[{"apply_server_side_encryption_by_default":[{"kms_master_key_id":"","sse_algorithm":"AES256"}],"bucket_key_enabled":null}]},"sensitive_values":{"rule":[{"apply_server_side_encryption_by_default":[{}]}]}},{"address":"aws_s3_bucket_versioning.eks_terraform_tfstate_bucket_versioning","mode":"managed","type":"aws_s3_bucket_versioning","name":"eks_terraform_tfstate_bucket_versioning","provider_name":"registry.terraform.io/hashicorp/aws","schema_version":0,"values":{"expected_bucket_owner":null,"mfa":null,"versioning_configuration":[{"status":"Enabled"}]},"sensitive_values":{"versioning_configuration":[{}]}},{"address":"aws_security_group.eks_controlplane_security_group","mode":"managed","type":"aws_security_group","name":"eks_controlplane_security_group","provider_name":"registry.terraform.io/hashicorp/aws","schema_version":1,"values":{"description":"Managed by Terraform","name":"EKS-Controlplane-Security-Group","revoke_rules_on_delete":false,"tags":{"Application":"Python Weather Application","Environment":"Production","Github_Repo":"ACCOUNT/REPO_NAME","IaC":"Terraform","Name":"EKS-Controlplane-Security-Group"},"tags_all":{"Application":"Python Weather Application","Environment":"Production","Github_Repo":"ACCOUNT/REPO_NAME","IaC":"Terraform","Name":"EKS-Controlplane-Security-Group"},"timeouts":null},"sensitive_values":{"egress":[],"ingress":[],"tags":{},"tags_all":{}}},{"address":"aws_subnet.eks_private_subnets[0]","mode":"managed","type":"aws_subnet","name":"eks_private_subnets","index":0,"provider_name":"registry.terraform.io/hashicorp/aws","schema_version":1,"values":{"assign_ipv6_address_on_creation":false,"availability_zone":"us-east-1a","cidr_block":"10.0.3.0/24","customer_owned_ipv4_pool":null,"enable_dns64":false,"enable_lni_at_device_index":null,"enable_resource_name_dns_a_record_on_launch":false,"enable_resource_name_dns_aaaa_record_on_launch":false,"ipv6_cidr_block":null,"ipv6_native":false,"map_customer_owned_ip_on_launch":null,"map_public_ip_on_launch":false,"outpost_arn":null,"tags":{"Application":"Python Weather Application","Environment":"Production","Github_Repo":"ACCOUNT/REPO_NAME","IaC":"Terraform","Name":"EKS-Private-Subnet-1","kubernetes.io/role/internal-elb":"1"},"tags_all":{"Application":"Python Weather Application","Environment":"Production","Github_Repo":"ACCOUNT/REPO_NAME","IaC":"Terraform","Name":"EKS-Private-Subnet-1","kubernetes.io/role/internal-elb":"1"},"timeouts":null},"sensitive_values":{"tags":{},"tags_all":{}}},{"address":"aws_subnet.eks_private_subnets[1]","mode":"managed","type":"aws_subnet","name":"eks_private_subnets","index":1,"provider_name":"registry.terraform.io/hashicorp/aws","schema_version":1,"values":{"assign_ipv6_address_on_creation":false,"availability_zone":"us-east-1b","cidr_block":"10.0.4.0/24","customer_owned_ipv4_pool":null,"enable_dns64":false,"enable_lni_at_device_index":null,"enable_resource_name_dns_a_record_on_launch":false,"enable_resource_name_dns_aaaa_record_on_launch":false,"ipv6_cidr_block":null,"ipv6_native":false,"map_customer_owned_ip_on_launch":null,"map_public_ip_on_launch":false,"outpost_arn":null,"tags":{"Application":"Python Weather Application","Environment":"Production","Github_Repo":"ACCOUNT/REPO_NAME","IaC":"Terraform","Name":"EKS-Private-Subnet-2","kubernetes.io/role/internal-elb":"1"},"tags_all":{"Application":"Python Weather Application","Environment":"Production","Github_Repo":"ACCOUNT/REPO_NAME","IaC":"Terraform","Name":"EKS-Private-Subnet-2","kubernetes.io/role/internal-elb":"1"},"timeouts":null},"sensitive_values":{"tags":{},"tags_all":{}}},{"address":"aws_subnet.eks_public_subnets[0]","mode":"managed","type":"aws_subnet","name":"eks_public_subnets","index":0,"provider_name":"registry.terraform.io/hashicorp/aws","schema_version":1,"values":{"assign_ipv6_address_on_creation":false,"availability_zone":"us-east-1a","cidr_block":"10.0.1.0/24","customer_owned_ipv4_pool":null,"enable_dns64":false,"enable_lni_at_device_index":null,"enable_resource_name_dns_a_record_on_launch":false,"enable_resource_name_dns_aaaa_record_on_launch":false,"ipv6_cidr_block":null,"ipv6_native":false,"map_customer_owned_ip_on_launch":null,"map_public_ip_on_launch":true,"outpost_arn":null,"tags":{"Application":"Python Weather Application","Environment":"Production","Github_Repo":"ACCOUNT/REPO_NAME","IaC":"Terraform","Name":"EKS-Public-Subnet-1","kubernetes.io/role/elb":"1"},"tags_all":{"Application":"Python Weather Application","Environment":"Production","Github_Repo":"ACCOUNT/REPO_NAME","IaC":"Terraform","Name":"EKS-Public-Subnet-1","kubernetes.io/role/elb":"1"},"timeouts":null},"sensitive_values":{"tags":{},"tags_all":{}}},{"address":"aws_subnet.eks_public_subnets[1]","mode":"managed","type":"aws_subnet","name":"eks_public_subnets","index":1,"provider_name":"registry.terraform.io/hashicorp/aws","schema_version":1,"values":{"assign_ipv6_address_on_creation":false,"availability_zone":"us-east-1b","cidr_block":"10.0.2.0/24","customer_owned_ipv4_pool":null,"enable_dns64":false,"enable_lni_at_device_index":null,"enable_resource_name_dns_a_record_on_launch":false,"enable_resource_name_dns_aaaa_record_on_launch":false,"ipv6_cidr_block":null,"ipv6_native":false,"map_customer_owned_ip_on_launch":null,"map_public_ip_on_launch":true,"outpost_arn":null,"tags":{"Application":"Python Weather Application","Environment":"Production","Github_Repo":"ACCOUNT/REPO_NAME","IaC":"Terraform","Name":"EKS-Public-Subnet-2","kubernetes.io/role/elb":"1"},"tags_all":{"Application":"Python Weather Application","Environment":"Production","Github_Repo":"ACCOUNT/REPO_NAME","IaC":"Terraform","Name":"EKS-Public-Subnet-2","kubernetes.io/role/elb":"1"},"timeouts":null},"sensitive_values":{"tags":{},"tags_all":{}}},{"address":"aws_vpc.eks_vpc","mode":"managed","type":"aws_vpc","name":"eks_vpc","provider_name":"registry.terraform.io/hashicorp/aws","schema_version":1,"values":{"assign_generated_ipv6_cidr_block":null,"cidr_block":"10.0.0.0/16","enable_dns_hostnames":true,"enable_dns_support":true,"instance_tenancy":"default","ipv4_ipam_pool_id":null,"ipv4_netmask_length":null,"ipv6_ipam_pool_id":null,"ipv6_netmask_length":null,"tags":{"Application":"Python Weather Application","Environment":"Production","Github_Repo":"ACCOUNT/REPO_NAME","IaC":"Terraform","Name":"EKS-VPC"},"tags_all":{"Application":"Python Weather Application","Environment":"Production","Github_Repo":"ACCOUNT/REPO_NAME","IaC":"Terraform","Name":"EKS-VPC"}},"sensitive_values":{"tags":{},"tags_all":{}}},{"address":"aws_vpc_security_group_egress_rule.eks_controlplane_egress_rule","mode":"managed","type":"aws_vpc_security_group_egress_rule","name":"eks_controlplane_egress_rule","provider_name":"registry.terraform.io/hashicorp/aws","schema_version":0,"values":{"cidr_ipv4":"0.0.0.0/0","cidr_ipv6":null,"description":null,"from_port":null,"ip_protocol":"-1","prefix_list_id":null,"referenced_security_group_id":null,"tags":{"Application":"Python Weather Application","Environment":"Production","Github_Repo":"ACCOUNT/REPO_NAME","IaC":"Terraform"},"tags_all":{"Application":"Python Weather Application","Environment":"Production","Github_Repo":"ACCOUNT/REPO_NAME","IaC":"Terraform"},"to_port":null},"sensitive_values":{"tags":{},"tags_all":{}}},{"address":"data.aws_iam_policy_document.eks_alb_assume_role_policy","mode":"data","type":"aws_iam_policy_document","name":"eks_alb_assume_role_policy","provider_name":"registry.terraform.io/hashicorp/aws","schema_version":0,"values":{"override_policy_documents":null,"policy_id":null,"source_policy_documents":null,"statement":[{"actions":["sts:AssumeRoleWithWebIdentity"],"condition":[{"test":"StringEquals","values":["sts.amazonaws.com"]},{"test":"StringEquals","values":["system:serviceaccount:kube-system:aws-load-balancer-controller"]}],"effect":"Allow","not_actions":null,"not_principals":[],"not_resources":null,"principals":[{"identifiers":[null],"type":"Federated"}],"resources":null,"sid":null}],"version":null},"sensitive_values":{"statement":[{"actions":[false],"condition":[{"values":[false]},{"values":[false]}],"not_principals":[],"principals":[{"identifiers":[false]}]}]}},{"address":"data.aws_iam_policy_document.oidc_assume_role_policy","mode":"data","type":"aws_iam_policy_document","name":"oidc_assume_role_policy","provider_name":"registry.terraform.io/hashicorp/aws","schema_version":0,"values":{"override_policy_documents":null,"policy_id":null,"source_policy_documents":null,"statement":[{"actions":["sts:AssumeRoleWithWebIdentity"],"condition":[{"test":"StringEquals","values":["sts.amazonaws.com"]},{"test":"StringEquals","values":["system:serviceaccount:prod:secret-service-account"]}],"effect":"Allow","not_actions":null,"not_principals":[],"not_resources":null,"principals":[{"identifiers":[null],"type":"Federated"}],"resources":null,"sid":null}],"version":null},"sensitive_values":{"statement":[{"actions":[false],"condition":[{"values":[false]},{"values":[false]}],"not_principals":[],"principals":[{"identifiers":[false]}]}]}},{"address":"data.tls_certificate.eks_oidc_url","mode":"data","type":"tls_certificate","name":"eks_oidc_url","provider_name":"registry.terraform.io/hashicorp/tls","schema_version":0,"values":{"content":null,"verify_chain":null},"sensitive_values":{"certificates":[]}}]}},"resource_changes":[{"address":"data.aws_iam_policy_document.eks_alb_assume_role_policy","mode":"data","type":"aws_iam_policy_document","name":"eks_alb_assume_role_policy","provider_name":"registry.terraform.io/hashicorp/aws","change":{"actions":["read"],"before":null,"after":{"override_policy_documents":null,"policy_id":null,"source_policy_documents":null,"statement":[{"actions":["sts:AssumeRoleWithWebIdentity"],"condition":[{"test":"StringEquals","values":["sts.amazonaws.com"]},{"test":"StringEquals","values":["system:serviceaccount:kube-system:aws-load-balancer-controller"]}],"effect":"Allow","not_actions":null,"not_principals":[],"not_resources":null,"principals":[{"identifiers":[null],"type":"Federated"}],"resources":null,"sid":null}],"version":null},"after_unknown":{"id":true,"json":true,"statement":[{"actions":[false],"condition":[{"values":[false],"variable":true},{"values":[false],"variable":true}],"not_principals":[],"principals":[{"identifiers":[true]}]}]},"before_sensitive":false,"after_sensitive":{"statement":[{"actions":[false],"condition":[{"values":[false]},{"values":[false]}],"not_principals":[],"principals":[{"identifiers":[false]}]}]}},"action_reason":"read_because_config_unknown"},{"address":"data.aws_iam_policy_document.oidc_assume_role_policy","mode":"data","type":"aws_iam_policy_document","name":"oidc_assume_role_policy","provider_name":"registry.terraform.io/hashicorp/aws","change":{"actions":["read"],"before":null,"after":{"override_policy_documents":null,"policy_id":null,"source_policy_documents":null,"statement":[{"actions":["sts:AssumeRoleWithWebIdentity"],"condition":[{"test":"StringEquals","values":["sts.amazonaws.com"]},{"test":"StringEquals","values":["system:serviceaccount:prod:secret-service-account"]}],"effect":"Allow","not_actions":null,"not_principals":[],"not_resources":null,"principals":[{"identifiers":[null],"type":"Federated"}],"resources":null,"sid":null}],"version":null},"after_unknown":{"id":true,"json":true,"statement":[{"actions":[false],"condition":[{"values":[false],"variable":true},{"values":[false],"variable":true}],"not_principals":[],"principals":[{"identifiers":[true]}]}]},"before_sensitive":false,"after_sensitive":{"statement":[{"actions":[false],"condition":[{"values":[false]},{"values":[false]}],"not_principals":[],"principals":[{"identifiers":[false]}]}]}},"action_reason":"read_because_config_unknown"},{"address":"data.tls_certificate.eks_oidc_url","mode":"data","type":"tls_certificate","name":"eks_oidc_url","provider_name":"registry.terraform.io/hashicorp/tls","change":{"actions":["read"],"before":null,"after":{"content":null,"verify_chain":null},"after_unknown":{"certificates":true,"id":true,"url":true},"before_sensitive":false,"after_sensitive":{"certificates":[]}},"action_reason":"read_because_config_unknown"},{"address":"aws_dynamodb_table.eks_terraform_tfstate_lock","mode":"managed","type":"aws_dynamodb_table","name":"eks_terraform_tfstate_lock","provider_name":"registry.terraform.io/hashicorp/aws","change":{"actions":["create"],"before":null,"after":{"attribute":[{"name":"LockID","type":"S"}],"billing_mode":"PROVISIONED","deletion_protection_enabled":null,"global_secondary_index":[],"hash_key":"LockID","import_table":[],"local_secondary_index":[],"name":"eks-terraform-statelock","range_key":null,"read_capacity":5,"replica":[],"restore_date_time":null,"restore_source_name":null,"restore_to_latest_time":null,"stream_enabled":null,"table_class":null,"tags":{"Application":"Python Weather Application","Environment":"Production","Github_Repo":"ACCOUNT/REPO_NAME","IaC":"Terraform"},"tags_all":{"Application":"Python Weather Application","Environment":"Production","Github_Repo":"ACCOUNT/REPO_NAME","IaC":"Terraform"},"timeouts":null,"write_capacity":5},"after_unknown":{"arn":true,"attribute":[{}],"global_secondary_index":[],"id":true,"import_table":[],"local_secondary_index":[],"point_in_time_recovery":true,"replica":[],"server_side_encryption":true,"stream_arn":true,"stream_label":true,"stream_view_type":true,"tags":{},"tags_all":{},"ttl":true},"before_sensitive":false,"after_sensitive":{"attribute":[{}],"global_secondary_index":[],"import_table":[],"local_secondary_index":[],"point_in_time_recovery":[],"replica":[],"server_side_encryption":[],"tags":{},"tags_all":{},"ttl":[]}}},{"address":"aws_ecr_repository.eks_python_weather_app","mode":"managed","type":"aws_ecr_repository","name":"eks_python_weather_app","provider_name":"registry.terraform.io/hashicorp/aws","change":{"actions":["create"],"before":null,"after":{"encryption_configuration":[],"force_delete":null,"image_scanning_configuration":[{"scan_on_push":true}],"image_tag_mutability":"MUTABLE","name":"eks-python-weather-app","tags":{"Application":"Python Weather Application","Environment":"Production","Github_Repo":"ACCOUNT/REPO_NAME","IaC":"Terraform"},"tags_all":{"Application":"Python Weather Application","Environment":"Production","Github_Repo":"ACCOUNT/REPO_NAME","IaC":"Terraform"},"timeouts":null},"after_unknown":{"arn":true,"encryption_configuration":[],"id":true,"image_scanning_configuration":[{}],"registry_id":true,"repository_url":true,"tags":{},"tags_all":{}},"before_sensitive":false,"after_sensitive":{"encryption_configuration":[],"image_scanning_configuration":[{}],"tags":{},"tags_all":{}}}},{"address":"aws_eip.eks_eips[0]","mode":"managed","type":"aws_eip","name":"eks_eips","index":0,"provider_name":"registry.terraform.io/hashicorp/aws","change":{"actions":["create"],"before":null,"after":{"address":null,"associate_with_private_ip":null,"customer_owned_ipv4_pool":null,"domain":"vpc","tags":{"Application":"Python Weather Application","Environment":"Production","Github_Repo":"ACCOUNT/REPO_NAME","IaC":"Terraform","Name":"EKS-EIP-1"},"tags_all":{"Application":"Python Weather Application","Environment":"Production","Github_Repo":"ACCOUNT/REPO_NAME","IaC":"Terraform","Name":"EKS-EIP-1"},"timeouts":null},"after_unknown":{"allocation_id":true,"association_id":true,"carrier_ip":true,"customer_owned_ip":true,"id":true,"instance":true,"network_border_group":true,"network_interface":true,"private_dns":true,"private_ip":true,"public_dns":true,"public_ip":true,"public_ipv4_pool":true,"tags":{},"tags_all":{},"vpc":true},"before_sensitive":false,"after_sensitive":{"tags":{},"tags_all":{}}}},{"address":"aws_eip.eks_eips[1]","mode":"managed","type":"aws_eip","name":"eks_eips","index":1,"provider_name":"registry.terraform.io/hashicorp/aws","change":{"actions":["create"],"before":null,"after":{"address":null,"associate_with_private_ip":null,"customer_owned_ipv4_pool":null,"domain":"vpc","tags":{"Application":"Python Weather Application","Environment":"Production","Github_Repo":"ACCOUNT/REPO_NAME","IaC":"Terraform","Name":"EKS-EIP-2"},"tags_all":{"Application":"Python Weather Application","Environment":"Production","Github_Repo":"ACCOUNT/REPO_NAME","IaC":"Terraform","Name":"EKS-EIP-2"},"timeouts":null},"after_unknown":{"allocation_id":true,"association_id":true,"carrier_ip":true,"customer_owned_ip":true,"id":true,"instance":true,"network_border_group":true,"network_interface":true,"private_dns":true,"private_ip":true,"public_dns":true,"public_ip":true,"public_ipv4_pool":true,"tags":{},"tags_all":{},"vpc":true},"before_sensitive":false,"after_sensitive":{"tags":{},"tags_all":{}}}},{"address":"aws_eks_cluster.eks_cluster","mode":"managed","type":"aws_eks_cluster","name":"eks_cluster","provider_name":"registry.terraform.io/hashicorp/aws","change":{"actions":["create"],"before":null,"after":{"enabled_cluster_log_types":null,"encryption_config":[],"name":"EKS-Cluster","outpost_config":[],"tags":{"Application":"Python Weather Application","Environment":"Production","Github_Repo":"ACCOUNT/REPO_NAME","IaC":"Terraform"},"tags_all":{"Application":"Python Weather Application","Environment":"Production","Github_Repo":"ACCOUNT/REPO_NAME","IaC":"Terraform"},"timeouts":null,"vpc_config":[{"endpoint_private_access":false,"endpoint_public_access":true,"security_group_ids":null}]},"after_unknown":{"access_config":true,"arn":true,"certificate_authority":true,"cluster_id":true,"created_at":true,"encryption_config":[],"endpoint":true,"id":true,"identity":true,"kubernetes_network_config":true,"outpost_config":[],"platform_version":true,"role_arn":true,"status":true,"tags":{},"tags_all":{},"version":true,"vpc_config":[{"cluster_security_group_id":true,"public_access_cidrs":true,"subnet_ids":true,"vpc_id":true}]},"before_sensitive":false,"after_sensitive":{"access_config":[],"certificate_authority":[],"encryption_config":[],"identity":[],"kubernetes_network_config":[],"outpost_config":[],"tags":{},"tags_all":{},"vpc_config":[{"public_access_cidrs":[],"subnet_ids":[]}]}}},{"address":"aws_eks_identity_provider_config.eks_provider_config","mode":"managed","type":"aws_eks_identity_provider_config","name":"eks_provider_config","provider_name":"registry.terraform.io/hashicorp/aws","change":{"actions":["create"],"before":null,"after":{"cluster_name":"EKS-Cluster","oidc":[{"groups_claim":null,"groups_prefix":null,"identity_provider_config_name":"eks_oidc_provider_config","required_claims":null,"username_claim":null,"username_prefix":null}],"tags":{"Application":"Python Weather Application","Environment":"Production","Github_Repo":"ACCOUNT/REPO_NAME","IaC":"Terraform"},"tags_all":{"Application":"Python Weather Application","Environment":"Production","Github_Repo":"ACCOUNT/REPO_NAME","IaC":"Terraform"},"timeouts":null},"after_unknown":{"arn":true,"id":true,"oidc":[{"client_id":true,"issuer_url":true}],"status":true,"tags":{},"tags_all":{}},"before_sensitive":false,"after_sensitive":{"oidc":[{}],"tags":{},"tags_all":{}}}},{"address":"aws_eks_node_group.eks_worker_node_group","mode":"managed","type":"aws_eks_node_group","name":"eks_worker_node_group","provider_name":"registry.terraform.io/hashicorp/aws","change":{"actions":["create"],"before":null,"after":{"cluster_name":"EKS-Cluster","force_update_version":null,"instance_types":["t3.small"],"labels":null,"launch_template":[],"remote_access":[],"scaling_config":[{"desired_size":2,"max_size":3,"min_size":2}],"tags":{"Application":"Python Weather Application","Environment":"Production","Github_Repo":"ACCOUNT/REPO_NAME","IaC":"Terraform"},"tags_all":{"Application":"Python Weather Application","Environment":"Production","Github_Repo":"ACCOUNT/REPO_NAME","IaC":"Terraform"},"taint":[],"timeouts":null},"after_unknown":{"ami_type":true,"arn":true,"capacity_type":true,"disk_size":true,"id":true,"instance_types":[false],"launch_template":[],"node_group_name":true,"node_group_name_prefix":true,"node_role_arn":true,"release_version":true,"remote_access":[],"resources":true,"scaling_config":[{}],"status":true,"subnet_ids":true,"tags":{},"tags_all":{},"taint":[],"update_config":true,"version":true},"before_sensitive":false,"after_sensitive":{"instance_types":[false],"launch_template":[],"remote_access":[],"resources":[],"scaling_config":[{}],"subnet_ids":[],"tags":{},"tags_all":{},"taint":[],"update_config":[]}}},{"address":"aws_iam_openid_connect_provider.eks","mode":"managed","type":"aws_iam_openid_connect_provider","name":"eks","provider_name":"registry.terraform.io/hashicorp/aws","change":{"actions":["create"],"before":null,"after":{"client_id_list":["sts.amazonaws.com"],"tags":{"Application":"Python Weather Application","Environment":"Production","Github_Repo":"ACCOUNT/REPO_NAME","IaC":"Terraform"},"tags_all":{"Application":"Python Weather Application","Environment":"Production","Github_Repo":"ACCOUNT/REPO_NAME","IaC":"Terraform"}},"after_unknown":{"arn":true,"client_id_list":[false],"id":true,"tags":{},"tags_all":{},"thumbprint_list":true,"url":true},"before_sensitive":false,"after_sensitive":{"client_id_list":[false],"tags":{},"tags_all":{},"thumbprint_list":[]}}},{"address":"aws_iam_policy.alb_controller_policy","mode":"managed","type":"aws_iam_policy","name":"alb_controller_policy","provider_name":"registry.terraform.io/hashicorp/aws","change":{"actions":["create"],"before":null,"after":{"description":null,"name":"AWSLoadBalancerControllerIAMPolicy","path":"/","policy":"{\"Statement\":[{\"Action\":\"iam:CreateServiceLinkedRole\",\"Condition\":{\"StringEquals\":{\"iam:AWSServiceName\":\"elasticloadbalancing.amazonaws.com\"}},\"Effect\":\"Allow\",\"Resource\":\"*\"},{\"Action\":[\"wafv2:GetWebACLForResource\",\"wafv2:GetWebACL\",\"wafv2:DisassociateWebACL\",\"wafv2:AssociateWebACL\",\"waf-regional:GetWebACLForResource\",\"waf-regional:GetWebACL\",\"waf-regional:DisassociateWebACL\",\"waf-regional:AssociateWebACL\",\"shield:GetSubscriptionState\",\"shield:DescribeProtection\",\"shield:DeleteProtection\",\"shield:CreateProtection\",\"iam:ListServerCertificates\",\"iam:GetServerCertificate\",\"elasticloadbalancing:SetWebAcl\",\"elasticloadbalancing:SetSubnets\",\"elasticloadbalancing:SetSecurityGroups\",\"elasticloadbalancing:SetIpAddressType\",\"elasticloadbalancing:RemoveTags\",\"elasticloadbalancing:RemoveListenerCertificates\",\"elasticloadbalancing:RegisterTargets\",\"elasticloadbalancing:ModifyTargetGroupAttributes\",\"elasticloadbalancing:ModifyTargetGroup\",\"elasticloadbalancing:ModifyRule\",\"elasticloadbalancing:ModifyLoadBalancerAttributes\",\"elasticloadbalancing:ModifyListener\",\"elasticloadbalancing:DescribeTrustStores\",\"elasticloadbalancing:DescribeTargetHealth\",\"elasticloadbalancing:DescribeTargetGroups\",\"elasticloadbalancing:DescribeTargetGroupAttributes\",\"elasticloadbalancing:DescribeTags\",\"elasticloadbalancing:DescribeSSLPolicies\",\"elasticloadbalancing:DescribeRules\",\"elasticloadbalancing:DescribeLoadBalancers\",\"elasticloadbalancing:DescribeLoadBalancerAttributes\",\"elasticloadbalancing:DescribeListeners\",\"elasticloadbalancing:DescribeListenerCertificates\",\"elasticloadbalancing:DeregisterTargets\",\"elasticloadbalancing:DeleteTargetGroup\",\"elasticloadbalancing:DeleteRule\",\"elasticloadbalancing:DeleteLoadBalancer\",\"elasticloadbalancing:DeleteListener\",\"elasticloadbalancing:CreateTargetGroup\",\"elasticloadbalancing:CreateRule\",\"elasticloadbalancing:CreateLoadBalancer\",\"elasticloadbalancing:CreateListener\",\"elasticloadbalancing:AddTags\",\"elasticloadbalancing:AddListenerCertificates\",\"ec2:RevokeSecurityGroupIngress\",\"ec2:GetCoipPoolUsage\",\"ec2:DescribeVpcs\",\"ec2:DescribeVpcPeeringConnections\",\"ec2:DescribeTags\",\"ec2:DescribeSubnets\",\"ec2:DescribeSecurityGroups\",\"ec2:DescribeNetworkInterfaces\",\"ec2:DescribeInternetGateways\",\"ec2:DescribeInstances\",\"ec2:DescribeCoipPools\",\"ec2:DescribeAvailabilityZones\",\"ec2:DescribeAddresses\",\"ec2:DescribeAccountAttributes\",\"ec2:DeleteTags\",\"ec2:DeleteSecurityGroup\",\"ec2:CreateTags\",\"ec2:CreateSecurityGroup\",\"ec2:AuthorizeSecurityGroupIngress\",\"cognito-idp:DescribeUserPoolClient\",\"acm:ListCertificates\",\"acm:DescribeCertificate\"],\"Effect\":\"Allow\",\"Resource\":\"*\"},{\"Action\":\"ec2:CreateSecurityGroup\",\"Effect\":\"Allow\",\"Resource\":\"*\"},{\"Action\":\"ec2:CreateTags\",\"Condition\":{\"Null\":{\"aws:RequestTag/elbv2.k8s.aws/cluster\":\"false\"},\"StringEquals\":{\"ec2:CreateAction\":\"CreateSecurityGroup\"}},\"Effect\":\"Allow\",\"Resource\":\"arn:aws:ec2:*:*:security-group/*\"},{\"Action\":[\"ec2:DeleteTags\",\"ec2:CreateTags\"],\"Condition\":{\"Null\":{\"aws:RequestTag/elbv2.k8s.aws/cluster\":\"true\",\"aws:ResourceTag/elbv2.k8s.aws/cluster\":\"false\"}},\"Effect\":\"Allow\",\"Resource\":\"arn:aws:ec2:*:*:security-group/*\"},{\"Action\":[\"ec2:RevokeSecurityGroupIngress\",\"ec2:DeleteSecurityGroup\",\"ec2:AuthorizeSecurityGroupIngress\"],\"Condition\":{\"Null\":{\"aws:ResourceTag/elbv2.k8s.aws/cluster\":\"false\"}},\"Effect\":\"Allow\",\"Resource\":\"*\"},{\"Action\":[\"elasticloadbalancing:CreateTargetGroup\",\"elasticloadbalancing:CreateLoadBalancer\"],\"Condition\":{\"Null\":{\"aws:RequestTag/elbv2.k8s.aws/cluster\":\"false\"}},\"Effect\":\"Allow\",\"Resource\":\"*\"},{\"Action\":[\"elasticloadbalancing:DeleteRule\",\"elasticloadbalancing:DeleteListener\",\"elasticloadbalancing:CreateRule\",\"elasticloadbalancing:CreateListener\"],\"Effect\":\"Allow\",\"Resource\":\"*\"},{\"Action\":[\"elasticloadbalancing:RemoveTags\",\"elasticloadbalancing:AddTags\"],\"Condition\":{\"Null\":{\"aws:RequestTag/elbv2.k8s.aws/cluster\":\"true\",\"aws:ResourceTag/elbv2.k8s.aws/cluster\":\"false\"}},\"Effect\":\"Allow\",\"Resource\":[\"arn:aws:elasticloadbalancing:*:*:targetgroup/*/*\",\"arn:aws:elasticloadbalancing:*:*:loadbalancer/net/*/*\",\"arn:aws:elasticloadbalancing:*:*:loadbalancer/app/*/*\"]},{\"Action\":[\"elasticloadbalancing:RemoveTags\",\"elasticloadbalancing:AddTags\"],\"Effect\":\"Allow\",\"Resource\":[\"arn:aws:elasticloadbalancing:*:*:listener/net/*/*/*\",\"arn:aws:elasticloadbalancing:*:*:listener/app/*/*/*\",\"arn:aws:elasticloadbalancing:*:*:listener-rule/net/*/*/*\",\"arn:aws:elasticloadbalancing:*:*:listener-rule/app/*/*/*\"]},{\"Action\":[\"elasticloadbalancing:SetSubnets\",\"elasticloadbalancing:SetSecurityGroups\",\"elasticloadbalancing:SetIpAddressType\",\"elasticloadbalancing:ModifyTargetGroupAttributes\",\"elasticloadbalancing:ModifyTargetGroup\",\"elasticloadbalancing:ModifyLoadBalancerAttributes\",\"elasticloadbalancing:DeleteTargetGroup\",\"elasticloadbalancing:DeleteLoadBalancer\"],\"Condition\":{\"Null\":{\"aws:ResourceTag/elbv2.k8s.aws/cluster\":\"false\"}},\"Effect\":\"Allow\",\"Resource\":\"*\"},{\"Action\":\"elasticloadbalancing:AddTags\",\"Condition\":{\"Null\":{\"aws:RequestTag/elbv2.k8s.aws/cluster\":\"false\"},\"StringEquals\":{\"elasticloadbalancing:CreateAction\":[\"CreateTargetGroup\",\"CreateLoadBalancer\"]}},\"Effect\":\"Allow\",\"Resource\":[\"arn:aws:elasticloadbalancing:*:*:targetgroup/*/*\",\"arn:aws:elasticloadbalancing:*:*:loadbalancer/net/*/*\",\"arn:aws:elasticloadbalancing:*:*:loadbalancer/app/*/*\"]},{\"Action\":[\"elasticloadbalancing:RegisterTargets\",\"elasticloadbalancing:DeregisterTargets\"],\"Effect\":\"Allow\",\"Resource\":\"arn:aws:elasticloadbalancing:*:*:targetgroup/*/*\"},{\"Action\":[\"elasticloadbalancing:SetWebAcl\",\"elasticloadbalancing:RemoveListenerCertificates\",\"elasticloadbalancing:ModifyRule\",\"elasticloadbalancing:ModifyListener\",\"elasticloadbalancing:AddListenerCertificates\"],\"Effect\":\"Allow\",\"Resource\":\"*\"}],\"Version\":\"2012-10-17\"}","tags":{"Application":"Python Weather Application","Environment":"Production","Github_Repo":"ACCOUNT/REPO_NAME","IaC":"Terraform"},"tags_all":{"Application":"Python Weather Application","Environment":"Production","Github_Repo":"ACCOUNT/REPO_NAME","IaC":"Terraform"}},"after_unknown":{"arn":true,"id":true,"name_prefix":true,"policy_id":true,"tags":{},"tags_all":{}},"before_sensitive":false,"after_sensitive":{"tags":{},"tags_all":{}}}},{"address":"aws_iam_policy.eks_service_account_secret_policy","mode":"managed","type":"aws_iam_policy","name":"eks_service_account_secret_policy","provider_name":"registry.terraform.io/hashicorp/aws","change":{"actions":["create"],"before":null,"after":{"description":null,"name":"EKSServiceAccountSecretPermissions","path":"/","policy":"{\"Statement\":[{\"Action\":[\"secretsmanager:GetSecretValue\",\"secretsmanager:DescribeSecret\"],\"Effect\":\"Allow\",\"Resource\":\"arn:aws:secretsmanager:us-east-1:AWS_ACCOUNT_ID:secret:/python-weather-app/api-key-######\",\"Sid\":\"EKSServiceAccountSecretPermissions\"}],\"Version\":\"2012-10-17\"}","tags":{"Application":"Python Weather Application","Environment":"Production","Github_Repo":"ACCOUNT/REPO_NAME","IaC":"Terraform"},"tags_all":{"Application":"Python Weather Application","Environment":"Production","Github_Repo":"ACCOUNT/REPO_NAME","IaC":"Terraform"}},"after_unknown":{"arn":true,"id":true,"name_prefix":true,"policy_id":true,"tags":{},"tags_all":{}},"before_sensitive":false,"after_sensitive":{"tags":{},"tags_all":{}}}},{"address":"aws_iam_role.eks_loadbalancer_controller_role","mode":"managed","type":"aws_iam_role","name":"eks_loadbalancer_controller_role","provider_name":"registry.terraform.io/hashicorp/aws","change":{"actions":["create"],"before":null,"after":{"description":null,"force_detach_policies":false,"max_session_duration":3600,"name":"AmazonEKSLoadBalancerControllerRole","path":"/","permissions_boundary":null,"tags":{"Application":"Python Weather Application","Environment":"Production","Github_Repo":"ACCOUNT/REPO_NAME","IaC":"Terraform"},"tags_all":{"Application":"Python Weather Application","Environment":"Production","Github_Repo":"ACCOUNT/REPO_NAME","IaC":"Terraform"}},"after_unknown":{"arn":true,"assume_role_policy":true,"create_date":true,"id":true,"inline_policy":true,"managed_policy_arns":true,"name_prefix":true,"tags":{},"tags_all":{},"unique_id":true},"before_sensitive":false,"after_sensitive":{"inline_policy":[],"managed_policy_arns":[],"tags":{},"tags_all":{}}}},{"address":"aws_iam_role.eks_oidc_role","mode":"managed","type":"aws_iam_role","name":"eks_oidc_role","provider_name":"registry.terraform.io/hashicorp/aws","change":{"actions":["create"],"before":null,"after":{"description":null,"force_detach_policies":false,"max_session_duration":3600,"name":"eks_oidc_role","path":"/","permissions_boundary":null,"tags":{"Application":"Python Weather Application","Environment":"Production","Github_Repo":"ACCOUNT/REPO_NAME","IaC":"Terraform"},"tags_all":{"Application":"Python Weather Application","Environment":"Production","Github_Repo":"ACCOUNT/REPO_NAME","IaC":"Terraform"}},"after_unknown":{"arn":true,"assume_role_policy":true,"create_date":true,"id":true,"inline_policy":true,"managed_policy_arns":true,"name_prefix":true,"tags":{},"tags_all":{},"unique_id":true},"before_sensitive":false,"after_sensitive":{"inline_policy":[],"managed_policy_arns":[],"tags":{},"tags_all":{}}}},{"address":"aws_iam_role.eks_role","mode":"managed","type":"aws_iam_role","name":"eks_role","provider_name":"registry.terraform.io/hashicorp/aws","change":{"actions":["create"],"before":null,"after":{"assume_role_policy":"{\"Statement\":[{\"Action\":\"sts:AssumeRole\",\"Effect\":\"Allow\",\"Principal\":{\"Service\":\"eks.amazonaws.com\"},\"Sid\":\"EKSAssumeRole\"}],\"Version\":\"2012-10-17\"}","description":null,"force_detach_policies":false,"max_session_duration":3600,"name":"eks-role","path":"/","permissions_boundary":null,"tags":{"Application":"Python Weather Application","Environment":"Production","Github_Repo":"ACCOUNT/REPO_NAME","IaC":"Terraform"},"tags_all":{"Application":"Python Weather Application","Environment":"Production","Github_Repo":"ACCOUNT/REPO_NAME","IaC":"Terraform"}},"after_unknown":{"arn":true,"create_date":true,"id":true,"inline_policy":true,"managed_policy_arns":true,"name_prefix":true,"tags":{},"tags_all":{},"unique_id":true},"before_sensitive":false,"after_sensitive":{"inline_policy":[],"managed_policy_arns":[],"tags":{},"tags_all":{}}}},{"address":"aws_iam_role.eks_worker_node_role","mode":"managed","type":"aws_iam_role","name":"eks_worker_node_role","provider_name":"registry.terraform.io/hashicorp/aws","change":{"actions":["create"],"before":null,"after":{"assume_role_policy":"{\"Statement\":[{\"Action\":\"sts:AssumeRole\",\"Effect\":\"Allow\",\"Principal\":{\"Service\":\"ec2.amazonaws.com\"},\"Sid\":\"EKSWorkerNodeAssumeRole\"}],\"Version\":\"2012-10-17\"}","description":null,"force_detach_policies":false,"max_session_duration":3600,"name":"eks-worker-node-role","path":"/","permissions_boundary":null,"tags":{"Application":"Python Weather Application","Environment":"Production","Github_Repo":"ACCOUNT/REPO_NAME","IaC":"Terraform"},"tags_all":{"Application":"Python Weather Application","Environment":"Production","Github_Repo":"ACCOUNT/REPO_NAME","IaC":"Terraform"}},"after_unknown":{"arn":true,"create_date":true,"id":true,"inline_policy":true,"managed_policy_arns":true,"name_prefix":true,"tags":{},"tags_all":{},"unique_id":true},"before_sensitive":false,"after_sensitive":{"inline_policy":[],"managed_policy_arns":[],"tags":{},"tags_all":{}}}},{"address":"aws_iam_role_policy_attachment.alb_controller_policy_attachment","mode":"managed","type":"aws_iam_role_policy_attachment","name":"alb_controller_policy_attachment","provider_name":"registry.terraform.io/hashicorp/aws","change":{"actions":["create"],"before":null,"after":{"role":"AmazonEKSLoadBalancerControllerRole"},"after_unknown":{"id":true,"policy_arn":true},"before_sensitive":false,"after_sensitive":{}}},{"address":"aws_iam_role_policy_attachment.ecr_read_only_policy_attachment","mode":"managed","type":"aws_iam_role_policy_attachment","name":"ecr_read_only_policy_attachment","provider_name":"registry.terraform.io/hashicorp/aws","change":{"actions":["create"],"before":null,"after":{"policy_arn":"arn:aws:iam::aws:policy/AmazonEC2ContainerRegistryReadOnly","role":"eks-role"},"after_unknown":{"id":true},"before_sensitive":false,"after_sensitive":{}}},{"address":"aws_iam_role_policy_attachment.eks_cluster_policy_attachment","mode":"managed","type":"aws_iam_role_policy_attachment","name":"eks_cluster_policy_attachment","provider_name":"registry.terraform.io/hashicorp/aws","change":{"actions":["create"],"before":null,"after":{"policy_arn":"arn:aws:iam::aws:policy/AmazonEKSClusterPolicy","role":"eks-role"},"after_unknown":{"id":true},"before_sensitive":false,"after_sensitive":{}}},{"address":"aws_iam_role_policy_attachment.eks_cni_policy_attachment","mode":"managed","type":"aws_iam_role_policy_attachment","name":"eks_cni_policy_attachment","provider_name":"registry.terraform.io/hashicorp/aws","change":{"actions":["create"],"before":null,"after":{"policy_arn":"arn:aws:iam::aws:policy/AmazonEKS_CNI_Policy","role":"eks-worker-node-role"},"after_unknown":{"id":true},"before_sensitive":false,"after_sensitive":{}}},{"address":"aws_iam_role_policy_attachment.eks_ec2_full_access","mode":"managed","type":"aws_iam_role_policy_attachment","name":"eks_ec2_full_access","provider_name":"registry.terraform.io/hashicorp/aws","change":{"actions":["create"],"before":null,"after":{"policy_arn":"arn:aws:iam::aws:policy/AmazonEC2FullAccess","role":"eks-worker-node-role"},"after_unknown":{"id":true},"before_sensitive":false,"after_sensitive":{}}},{"address":"aws_iam_role_policy_attachment.eks_elastic_load_balancing_full_access","mode":"managed","type":"aws_iam_role_policy_attachment","name":"eks_elastic_load_balancing_full_access","provider_name":"registry.terraform.io/hashicorp/aws","change":{"actions":["create"],"before":null,"after":{"policy_arn":"arn:aws:iam::aws:policy/ElasticLoadBalancingFullAccess","role":"eks-worker-node-role"},"after_unknown":{"id":true},"before_sensitive":false,"after_sensitive":{}}},{"address":"aws_iam_role_policy_attachment.eks_worker_node_ecr_read_only_policy_attachment","mode":"managed","type":"aws_iam_role_policy_attachment","name":"eks_worker_node_ecr_read_only_policy_attachment","provider_name":"registry.terraform.io/hashicorp/aws","change":{"actions":["create"],"before":null,"after":{"policy_arn":"arn:aws:iam::aws:policy/AmazonEC2ContainerRegistryReadOnly","role":"eks-worker-node-role"},"after_unknown":{"id":true},"before_sensitive":false,"after_sensitive":{}}},{"address":"aws_iam_role_policy_attachment.eks_worker_node_policy_attachment","mode":"managed","type":"aws_iam_role_policy_attachment","name":"eks_worker_node_policy_attachment","provider_name":"registry.terraform.io/hashicorp/aws","change":{"actions":["create"],"before":null,"after":{"policy_arn":"arn:aws:iam::aws:policy/AmazonEKSWorkerNodePolicy","role":"eks-worker-node-role"},"after_unknown":{"id":true},"before_sensitive":false,"after_sensitive":{}}},{"address":"aws_iam_role_policy_attachment.oidc_secret_policy_attachment","mode":"managed","type":"aws_iam_role_policy_attachment","name":"oidc_secret_policy_attachment","provider_name":"registry.terraform.io/hashicorp/aws","change":{"actions":["create"],"before":null,"after":{"role":"eks_oidc_role"},"after_unknown":{"id":true,"policy_arn":true},"before_sensitive":false,"after_sensitive":{}}},{"address":"aws_internet_gateway.eks_internet_gateway","mode":"managed","type":"aws_internet_gateway","name":"eks_internet_gateway","provider_name":"registry.terraform.io/hashicorp/aws","change":{"actions":["create"],"before":null,"after":{"tags":{"Application":"Python Weather Application","Environment":"Production","Github_Repo":"ACCOUNT/REPO_NAME","IaC":"Terraform","name":"EKS-VPC-IG"},"tags_all":{"Application":"Python Weather Application","Environment":"Production","Github_Repo":"ACCOUNT/REPO_NAME","IaC":"Terraform","name":"EKS-VPC-IG"},"timeouts":null},"after_unknown":{"arn":true,"id":true,"owner_id":true,"tags":{},"tags_all":{},"vpc_id":true},"before_sensitive":false,"after_sensitive":{"tags":{},"tags_all":{}}}},{"address":"aws_nat_gateway.eks_nat_gateways[0]","mode":"managed","type":"aws_nat_gateway","name":"eks_nat_gateways","index":0,"provider_name":"registry.terraform.io/hashicorp/aws","change":{"actions":["create"],"before":null,"after":{"connectivity_type":"public","secondary_allocation_ids":null,"tags":{"Application":"Python Weather Application","Environment":"Production","Github_Repo":"ACCOUNT/REPO_NAME","IaC":"Terraform","Name":"EKS-NAT-Gateway-1"},"tags_all":{"Application":"Python Weather Application","Environment":"Production","Github_Repo":"ACCOUNT/REPO_NAME","IaC":"Terraform","Name":"EKS-NAT-Gateway-1"},"timeouts":null},"after_unknown":{"allocation_id":true,"association_id":true,"id":true,"network_interface_id":true,"private_ip":true,"public_ip":true,"secondary_private_ip_address_count":true,"secondary_private_ip_addresses":true,"subnet_id":true,"tags":{},"tags_all":{}},"before_sensitive":false,"after_sensitive":{"secondary_private_ip_addresses":[],"tags":{},"tags_all":{}}}},{"address":"aws_nat_gateway.eks_nat_gateways[1]","mode":"managed","type":"aws_nat_gateway","name":"eks_nat_gateways","index":1,"provider_name":"registry.terraform.io/hashicorp/aws","change":{"actions":["create"],"before":null,"after":{"connectivity_type":"public","secondary_allocation_ids":null,"tags":{"Application":"Python Weather Application","Environment":"Production","Github_Repo":"ACCOUNT/REPO_NAME","IaC":"Terraform","Name":"EKS-NAT-Gateway-2"},"tags_all":{"Application":"Python Weather Application","Environment":"Production","Github_Repo":"ACCOUNT/REPO_NAME","IaC":"Terraform","Name":"EKS-NAT-Gateway-2"},"timeouts":null},"after_unknown":{"allocation_id":true,"association_id":true,"id":true,"network_interface_id":true,"private_ip":true,"public_ip":true,"secondary_private_ip_address_count":true,"secondary_private_ip_addresses":true,"subnet_id":true,"tags":{},"tags_all":{}},"before_sensitive":false,"after_sensitive":{"secondary_private_ip_addresses":[],"tags":{},"tags_all":{}}}},{"address":"aws_route.eks_private_route_table_routes[0]","mode":"managed","type":"aws_route","name":"eks_private_route_table_routes","index":0,"provider_name":"registry.terraform.io/hashicorp/aws","change":{"actions":["create"],"before":null,"after":{"carrier_gateway_id":null,"core_network_arn":null,"destination_cidr_block":"0.0.0.0/0","destination_ipv6_cidr_block":null,"destination_prefix_list_id":null,"egress_only_gateway_id":null,"gateway_id":null,"local_gateway_id":null,"timeouts":null,"transit_gateway_id":null,"vpc_endpoint_id":null,"vpc_peering_connection_id":null},"after_unknown":{"id":true,"instance_id":true,"instance_owner_id":true,"nat_gateway_id":true,"network_interface_id":true,"origin":true,"route_table_id":true,"state":true},"before_sensitive":false,"after_sensitive":{}}},{"address":"aws_route.eks_private_route_table_routes[1]","mode":"managed","type":"aws_route","name":"eks_private_route_table_routes","index":1,"provider_name":"registry.terraform.io/hashicorp/aws","change":{"actions":["create"],"before":null,"after":{"carrier_gateway_id":null,"core_network_arn":null,"destination_cidr_block":"0.0.0.0/0","destination_ipv6_cidr_block":null,"destination_prefix_list_id":null,"egress_only_gateway_id":null,"gateway_id":null,"local_gateway_id":null,"timeouts":null,"transit_gateway_id":null,"vpc_endpoint_id":null,"vpc_peering_connection_id":null},"after_unknown":{"id":true,"instance_id":true,"instance_owner_id":true,"nat_gateway_id":true,"network_interface_id":true,"origin":true,"route_table_id":true,"state":true},"before_sensitive":false,"after_sensitive":{}}},{"address":"aws_route_table.eks_private_route_tables[0]","mode":"managed","type":"aws_route_table","name":"eks_private_route_tables","index":0,"provider_name":"registry.terraform.io/hashicorp/aws","change":{"actions":["create"],"before":null,"after":{"tags":{"Application":"Python Weather Application","Environment":"Production","Github_Repo":"ACCOUNT/REPO_NAME","IaC":"Terraform","Name":"Private-Route-Table-1"},"tags_all":{"Application":"Python Weather Application","Environment":"Production","Github_Repo":"ACCOUNT/REPO_NAME","IaC":"Terraform","Name":"Private-Route-Table-1"},"timeouts":null},"after_unknown":{"arn":true,"id":true,"owner_id":true,"propagating_vgws":true,"route":true,"tags":{},"tags_all":{},"vpc_id":true},"before_sensitive":false,"after_sensitive":{"propagating_vgws":[],"route":[],"tags":{},"tags_all":{}}}},{"address":"aws_route_table.eks_private_route_tables[1]","mode":"managed","type":"aws_route_table","name":"eks_private_route_tables","index":1,"provider_name":"registry.terraform.io/hashicorp/aws","change":{"actions":["create"],"before":null,"after":{"tags":{"Application":"Python Weather Application","Environment":"Production","Github_Repo":"ACCOUNT/REPO_NAME","IaC":"Terraform","Name":"Private-Route-Table-2"},"tags_all":{"Application":"Python Weather Application","Environment":"Production","Github_Repo":"ACCOUNT/REPO_NAME","IaC":"Terraform","Name":"Private-Route-Table-2"},"timeouts":null},"after_unknown":{"arn":true,"id":true,"owner_id":true,"propagating_vgws":true,"route":true,"tags":{},"tags_all":{},"vpc_id":true},"before_sensitive":false,"after_sensitive":{"propagating_vgws":[],"route":[],"tags":{},"tags_all":{}}}},{"address":"aws_route_table.eks_public_route_table","mode":"managed","type":"aws_route_table","name":"eks_public_route_table","provider_name":"registry.terraform.io/hashicorp/aws","change":{"actions":["create"],"before":null,"after":{"route":[{"carrier_gateway_id":"","cidr_block":"0.0.0.0/0","core_network_arn":"","destination_prefix_list_id":"","egress_only_gateway_id":"","ipv6_cidr_block":"","local_gateway_id":"","nat_gateway_id":"","network_interface_id":"","transit_gateway_id":"","vpc_endpoint_id":"","vpc_peering_connection_id":""}],"tags":{"Application":"Python Weather Application","Environment":"Production","Github_Repo":"ACCOUNT/REPO_NAME","IaC":"Terraform","Name":"Public-Route-Table","Network":"Public"},"tags_all":{"Application":"Python Weather Application","Environment":"Production","Github_Repo":"ACCOUNT/REPO_NAME","IaC":"Terraform","Name":"Public-Route-Table","Network":"Public"},"timeouts":null},"after_unknown":{"arn":true,"id":true,"owner_id":true,"propagating_vgws":true,"route":[{"gateway_id":true}],"tags":{},"tags_all":{},"vpc_id":true},"before_sensitive":false,"after_sensitive":{"propagating_vgws":[],"route":[{}],"tags":{},"tags_all":{}}}},{"address":"aws_route_table_association.eks_private_route_table_association[0]","mode":"managed","type":"aws_route_table_association","name":"eks_private_route_table_association","index":0,"provider_name":"registry.terraform.io/hashicorp/aws","change":{"actions":["create"],"before":null,"after":{"gateway_id":null,"timeouts":null},"after_unknown":{"id":true,"route_table_id":true,"subnet_id":true},"before_sensitive":false,"after_sensitive":{}}},{"address":"aws_route_table_association.eks_private_route_table_association[1]","mode":"managed","type":"aws_route_table_association","name":"eks_private_route_table_association","index":1,"provider_name":"registry.terraform.io/hashicorp/aws","change":{"actions":["create"],"before":null,"after":{"gateway_id":null,"timeouts":null},"after_unknown":{"id":true,"route_table_id":true,"subnet_id":true},"before_sensitive":false,"after_sensitive":{}}},{"address":"aws_route_table_association.eks_public_route_table_association[0]","mode":"managed","type":"aws_route_table_association","name":"eks_public_route_table_association","index":0,"provider_name":"registry.terraform.io/hashicorp/aws","change":{"actions":["create"],"before":null,"after":{"gateway_id":null,"timeouts":null},"after_unknown":{"id":true,"route_table_id":true,"subnet_id":true},"before_sensitive":false,"after_sensitive":{}}},{"address":"aws_route_table_association.eks_public_route_table_association[1]","mode":"managed","type":"aws_route_table_association","name":"eks_public_route_table_association","index":1,"provider_name":"registry.terraform.io/hashicorp/aws","change":{"actions":["create"],"before":null,"after":{"gateway_id":null,"timeouts":null},"after_unknown":{"id":true,"route_table_id":true,"subnet_id":true},"before_sensitive":false,"after_sensitive":{}}},{"address":"aws_s3_bucket.eks_terraform_tfstate_bucket","mode":"managed","type":"aws_s3_bucket","name":"eks_terraform_tfstate_bucket","provider_name":"registry.terraform.io/hashicorp/aws","change":{"actions":["create"],"before":null,"after":{"bucket":"STATE_BUCKET_NAME","force_destroy":false,"tags":{"Application":"Python Weather Application","Environment":"Production","Github_Repo":"ACCOUNT/REPO_NAME","IaC":"Terraform"},"tags_all":{"Application":"Python Weather Application","Environment":"Production","Github_Repo":"ACCOUNT/REPO_NAME","IaC":"Terraform"},"timeouts":null},"after_unknown":{"acceleration_status":true,"acl":true,"arn":true,"bucket_domain_name":true,"bucket_prefix":true,"bucket_regional_domain_name":true,"cors_rule":true,"grant":true,"hosted_zone_id":true,"id":true,"lifecycle_rule":true,"logging":true,"object_lock_configuration":true,"object_lock_enabled":true,"policy":true,"region":true,"replication_configuration":true,"request_payer":true,"server_side_encryption_configuration":true,"tags":{},"tags_all":{},"versioning":true,"website":true,"website_domain":true,"website_endpoint":true},"before_sensitive":false,"after_sensitive":{"cors_rule":[],"grant":[],"lifecycle_rule":[],"logging":[],"object_lock_configuration":[],"replication_configuration":[],"server_side_encryption_configuration":[],"tags":{},"tags_all":{},"versioning":[],"website":[]}}},{"address":"aws_s3_bucket_server_side_encryption_configuration.eks_terraform_tfstate_bucket_server_side_encryption_configuration","mode":"managed","type":"aws_s3_bucket_server_side_encryption_configuration","name":"eks_terraform_tfstate_bucket_server_side_encryption_configuration","provider_name":"registry.terraform.io/hashicorp/aws","change":{"actions":["create"],"before":null,"after":{"expected_bucket_owner":null,"rule":[{"apply_server_side_encryption_by_default":[{"kms_master_key_id":"","sse_algorithm":"AES256"}],"bucket_key_enabled":null}]},"after_unknown":{"bucket":true,"id":true,"rule":[{"apply_server_side_encryption_by_default":[{}]}]},"before_sensitive":false,"after_sensitive":{"rule":[{"apply_server_side_encryption_by_default":[{}]}]}}},{"address":"aws_s3_bucket_versioning.eks_terraform_tfstate_bucket_versioning","mode":"managed","type":"aws_s3_bucket_versioning","name":"eks_terraform_tfstate_bucket_versioning","provider_name":"registry.terraform.io/hashicorp/aws","change":{"actions":["create"],"before":null,"after":{"expected_bucket_owner":null,"mfa":null,"versioning_configuration":[{"status":"Enabled"}]},"after_unknown":{"bucket":true,"id":true,"versioning_configuration":[{"mfa_delete":true}]},"before_sensitive":false,"after_sensitive":{"versioning_configuration":[{}]}}},{"address":"aws_security_group.eks_controlplane_security_group","mode":"managed","type":"aws_security_group","name":"eks_controlplane_security_group","provider_name":"registry.terraform.io/hashicorp/aws","change":{"actions":["create"],"before":null,"after":{"description":"Managed by Terraform","name":"EKS-Controlplane-Security-Group","revoke_rules_on_delete":false,"tags":{"Application":"Python Weather Application","Environment":"Production","Github_Repo":"ACCOUNT/REPO_NAME","IaC":"Terraform","Name":"EKS-Controlplane-Security-Group"},"tags_all":{"Application":"Python Weather Application","Environment":"Production","Github_Repo":"ACCOUNT/REPO_NAME","IaC":"Terraform","Name":"EKS-Controlplane-Security-Group"},"timeouts":null},"after_unknown":{"arn":true,"egress":true,"id":true,"ingress":true,"name_prefix":true,"owner_id":true,"tags":{},"tags_all":{},"vpc_id":true},"before_sensitive":false,"after_sensitive":{"egress":[],"ingress":[],"tags":{},"tags_all":{}}}},{"address":"aws_subnet.eks_private_subnets[0]","mode":"managed","type":"aws_subnet","name":"eks_private_subnets","index":0,"provider_name":"registry.terraform.io/hashicorp/aws","change":{"actions":["create"],"before":null,"after":{"assign_ipv6_address_on_creation":false,"availability_zone":"us-east-1a","cidr_block":"10.0.3.0/24","customer_owned_ipv4_pool":null,"enable_dns64":false,"enable_lni_at_device_index":null,"enable_resource_name_dns_a_record_on_launch":false,"enable_resource_name_dns_aaaa_record_on_launch":false,"ipv6_cidr_block":null,"ipv6_native":false,"map_customer_owned_ip_on_launch":null,"map_public_ip_on_launch":false,"outpost_arn":null,"tags":{"Application":"Python Weather Application","Environment":"Production","Github_Repo":"ACCOUNT/REPO_NAME","IaC":"Terraform","Name":"EKS-Private-Subnet-1","kubernetes.io/role/internal-elb":"1"},"tags_all":{"Application":"Python Weather Application","Environment":"Production","Github_Repo":"ACCOUNT/REPO_NAME","IaC":"Terraform","Name":"EKS-Private-Subnet-1","kubernetes.io/role/internal-elb":"1"},"timeouts":null},"after_unknown":{"arn":true,"availability_zone_id":true,"id":true,"ipv6_cidr_block_association_id":true,"owner_id":true,"private_dns_hostname_type_on_launch":true,"tags":{},"tags_all":{},"vpc_id":true},"before_sensitive":false,"after_sensitive":{"tags":{},"tags_all":{}}}},{"address":"aws_subnet.eks_private_subnets[1]","mode":"managed","type":"aws_subnet","name":"eks_private_subnets","index":1,"provider_name":"registry.terraform.io/hashicorp/aws","change":{"actions":["create"],"before":null,"after":{"assign_ipv6_address_on_creation":false,"availability_zone":"us-east-1b","cidr_block":"10.0.4.0/24","customer_owned_ipv4_pool":null,"enable_dns64":false,"enable_lni_at_device_index":null,"enable_resource_name_dns_a_record_on_launch":false,"enable_resource_name_dns_aaaa_record_on_launch":false,"ipv6_cidr_block":null,"ipv6_native":false,"map_customer_owned_ip_on_launch":null,"map_public_ip_on_launch":false,"outpost_arn":null,"tags":{"Application":"Python Weather Application","Environment":"Production","Github_Repo":"ACCOUNT/REPO_NAME","IaC":"Terraform","Name":"EKS-Private-Subnet-2","kubernetes.io/role/internal-elb":"1"},"tags_all":{"Application":"Python Weather Application","Environment":"Production","Github_Repo":"ACCOUNT/REPO_NAME","IaC":"Terraform","Name":"EKS-Private-Subnet-2","kubernetes.io/role/internal-elb":"1"},"timeouts":null},"after_unknown":{"arn":true,"availability_zone_id":true,"id":true,"ipv6_cidr_block_association_id":true,"owner_id":true,"private_dns_hostname_type_on_launch":true,"tags":{},"tags_all":{},"vpc_id":true},"before_sensitive":false,"after_sensitive":{"tags":{},"tags_all":{}}}},{"address":"aws_subnet.eks_public_subnets[0]","mode":"managed","type":"aws_subnet","name":"eks_public_subnets","index":0,"provider_name":"registry.terraform.io/hashicorp/aws","change":{"actions":["create"],"before":null,"after":{"assign_ipv6_address_on_creation":false,"availability_zone":"us-east-1a","cidr_block":"10.0.1.0/24","customer_owned_ipv4_pool":null,"enable_dns64":false,"enable_lni_at_device_index":null,"enable_resource_name_dns_a_record_on_launch":false,"enable_resource_name_dns_aaaa_record_on_launch":false,"ipv6_cidr_block":null,"ipv6_native":false,"map_customer_owned_ip_on_launch":null,"map_public_ip_on_launch":true,"outpost_arn":null,"tags":{"Application":"Python Weather Application","Environment":"Production","Github_Repo":"ACCOUNT/REPO_NAME","IaC":"Terraform","Name":"EKS-Public-Subnet-1","kubernetes.io/role/elb":"1"},"tags_all":{"Application":"Python Weather Application","Environment":"Production","Github_Repo":"ACCOUNT/REPO_NAME","IaC":"Terraform","Name":"EKS-Public-Subnet-1","kubernetes.io/role/elb":"1"},"timeouts":null},"after_unknown":{"arn":true,"availability_zone_id":true,"id":true,"ipv6_cidr_block_association_id":true,"owner_id":true,"private_dns_hostname_type_on_launch":true,"tags":{},"tags_all":{},"vpc_id":true},"before_sensitive":false,"after_sensitive":{"tags":{},"tags_all":{}}}},{"address":"aws_subnet.eks_public_subnets[1]","mode":"managed","type":"aws_subnet","name":"eks_public_subnets","index":1,"provider_name":"registry.terraform.io/hashicorp/aws","change":{"actions":["create"],"before":null,"after":{"assign_ipv6_address_on_creation":false,"availability_zone":"us-east-1b","cidr_block":"10.0.2.0/24","customer_owned_ipv4_pool":null,"enable_dns64":false,"enable_lni_at_device_index":null,"enable_resource_name_dns_a_record_on_launch":false,"enable_resource_name_dns_aaaa_record_on_launch":false,"ipv6_cidr_block":null,"ipv6_native":false,"map_customer_owned_ip_on_launch":null,"map_public_ip_on_launch":true,"outpost_arn":null,"tags":{"Application":"Python Weather Application","Environment":"Production","Github_Repo":"ACCOUNT/REPO_NAME","IaC":"Terraform","Name":"EKS-Public-Subnet-2","kubernetes.io/role/elb":"1"},"tags_all":{"Application":"Python Weather Application","Environment":"Production","Github_Repo":"ACCOUNT/REPO_NAME","IaC":"Terraform","Name":"EKS-Public-Subnet-2","kubernetes.io/role/elb":"1"},"timeouts":null},"after_unknown":{"arn":true,"availability_zone_id":true,"id":true,"ipv6_cidr_block_association_id":true,"owner_id":true,"private_dns_hostname_type_on_launch":true,"tags":{},"tags_all":{},"vpc_id":true},"before_sensitive":false,"after_sensitive":{"tags":{},"tags_all":{}}}},{"address":"aws_vpc.eks_vpc","mode":"managed","type":"aws_vpc","name":"eks_vpc","provider_name":"registry.terraform.io/hashicorp/aws","change":{"actions":["create"],"before":null,"after":{"assign_generated_ipv6_cidr_block":null,"cidr_block":"10.0.0.0/16","enable_dns_hostnames":true,"enable_dns_support":true,"instance_tenancy":"default","ipv4_ipam_pool_id":null,"ipv4_netmask_length":null,"ipv6_ipam_pool_id":null,"ipv6_netmask_length":null,"tags":{"Application":"Python Weather Application","Environment":"Production","Github_Repo":"ACCOUNT/REPO_NAME","IaC":"Terraform","Name":"EKS-VPC"},"tags_all":{"Application":"Python Weather Application","Environment":"Production","Github_Repo":"ACCOUNT/REPO_NAME","IaC":"Terraform","Name":"EKS-VPC"}},"after_unknown":{"arn":true,"default_network_acl_id":true,"default_route_table_id":true,"default_security_group_id":true,"dhcp_options_id":true,"enable_network_address_usage_metrics":true,"id":true,"ipv6_association_id":true,"ipv6_cidr_block":true,"ipv6_cidr_block_network_border_group":true,"main_route_table_id":true,"owner_id":true,"tags":{},"tags_all":{}},"before_sensitive":false,"after_sensitive":{"tags":{},"tags_all":{}}}},{"address":"aws_vpc_security_group_egress_rule.eks_controlplane_egress_rule","mode":"managed","type":"aws_vpc_security_group_egress_rule","name":"eks_controlplane_egress_rule","provider_name":"registry.terraform.io/hashicorp/aws","change":{"actions":["create"],"before":null,"after":{"cidr_ipv4":"0.0.0.0/0","cidr_ipv6":null,"description":null,"from_port":null,"ip_protocol":"-1","prefix_list_id":null,"referenced_security_group_id":null,"tags":{"Application":"Python Weather Application","Environment":"Production","Github_Repo":"ACCOUNT/REPO_NAME","IaC":"Terraform"},"tags_all":{"Application":"Python Weather Application","Environment":"Production","Github_Repo":"ACCOUNT/REPO_NAME","IaC":"Terraform"},"to_port":null},"after_unknown":{"arn":true,"id":true,"security_group_id":true,"security_group_rule_id":true,"tags":{},"tags_all":{}},"before_sensitive":false,"after_sensitive":{"tags":{},"tags_all":{}}}}],"output_changes":{"private_subnet_ids":{"actions":["create"],"before":null,"after":[null,null],"after_unknown":[true,true],"before_sensitive":false,"after_sensitive":false},"public_subnet_ids":{"actions":["create"],"before":null,"after":[null,null],"after_unknown":[true,true],"before_sensitive":false,"after_sensitive":false},"vpc_id":{"actions":["create"],"before":null,"after_unknown":true,"before_sensitive":false,"after_sensitive":false}},"prior_state":{"format_version":"1.0","terraform_version":"1.13.5","values":{"root_module":{"resources":[{"address":"data.aws_availability_zones.eks_azs","mode":"data","type":"aws_availability_zones","name":"eks_azs","provider_name":"registry.terraform.io/hashicorp/aws","schema_version":0,"values":{"all_availability_zones":null,"exclude_names":null,"exclude_zone_ids":null,"filter":null,"group_names":[""],"id":"us-east-1","names":["us-east-1a","us-east-1b","us-east-1c","us-east-1d","us-east-1e","us-east-1f"],"state":null,"timeouts":null,"zone_ids":["use1-az6","use1-az1","use1-az2","use1-az4","use1-az3","use1-az5"]},"sensitive_values":{"group_names":[false],"names":[false,false,false,false,false,false],"zone_ids":[false,false,false,false,false,false]}},{"address":"data.aws_iam_policy_document.alb_controller_permissions","mode":"data","type":"aws_iam_policy_document","name":"alb_controller_permissions","provider_name":"registry.terraform.io/hashicorp/aws","schema_version":0,"values":{"id":"2361129544","json":"{\n  \"Version\": \"2012-10-17\",\n  \"Statement\": [\n    {\n      \"Effect\": \"Allow\",\n      \"Action\": \"iam:CreateServiceLinkedRole\",\n      \"Resource\": \"*\",\n      \"Condition\": {\n        \"StringEquals\": {\n          \"iam:AWSServiceName\": \"elasticloadbalancing.amazonaws.com\"\n        }\n      }\n    },\n    {\n      \"Effect\": \"Allow\",\n      \"Action\": [\n        \"wafv2:GetWebACLForResource\",\n        \"wafv2:GetWebACL\",\n        \"wafv2:DisassociateWebACL\",\n        \"wafv2:AssociateWebACL\",\n        \"waf-regional:GetWebACLForResource\",\n        \"waf-regional:GetWebACL\",\n        \"waf-regional:DisassociateWebACL\",\n        \"waf-regional:AssociateWebACL\",\n        \"shield:GetSubscriptionState\",\n        \"shield:DescribeProtection\",\n        \"shield:DeleteProtection\",\n        \"shield:CreateProtection\",\n        \"iam:ListServerCertificates\",\n        \"iam:GetServerCertificate\",\n        \"elasticloadbalancing:SetWebAcl\",\n        \"elasticloadbalancing:SetSubnets\",\n        \"elasticloadbalancing:SetSecurityGroups\",\n        \"elasticloadbalancing:SetIpAddressType\",\n        \"elasticloadbalancing:RemoveTags\",\n        \"elasticloadbalancing:RemoveListenerCertificates\",\n        \"elasticloadbalancing:RegisterTargets\",\n        \"elasticloadbalancing:ModifyTargetGroupAttributes\",\n        \"elasticloadbalancing:ModifyTargetGroup\",\n        \"elasticloadbalancing:ModifyRule\",\n        \"elasticloadbalancing:ModifyLoadBalancerAttributes\",\n        \"elasticloadbalancing:ModifyListener\",\n        \"elasticloadbalancing:DescribeTrustStores\",\n        \"elasticloadbalancing:DescribeTargetHealth\",\n        \"elasticloadbalancing:DescribeTargetGroups\",\n        \"elasticloadbalancing:DescribeTargetGroupAttributes\",\n        \"elasticloadbalancing:DescribeTags\",\n        \"elasticloadbalancing:DescribeSSLPolicies\",\n        \"elasticloadbalancing:DescribeRules\",\n        \"elasticloadbalancing:DescribeLoadBalancers\",\n        \"elasticloadbalancing:DescribeLoadBalancerAttributes\",\n        \"elasticloadbalancing:DescribeListeners\",\n        \"elasticloadbalancing:DescribeListenerCertificates\",\n        \"elasticloadbalancing:DeregisterTargets\",\n        \"elasticloadbalancing:DeleteTargetGroup\",\n        \"elasticloadbalancing:DeleteRule\",\n        \"elasticloadbalancing:DeleteLoadBalancer\",\n        \"elasticloadbalancing:DeleteListener\",\n        \"elasticloadbalancing:CreateTargetGroup\",\n        \"elasticloadbalancing:CreateRule\",\n        \"elasticloadbalancing:CreateLoadBalancer\",\n        \"elasticloadbalancing:CreateListener\",\n        \"elasticloadbalancing:AddTags\",\n        \"elasticloadbalancing:AddListenerCertificates\",\n        \"ec2:RevokeSecurityGroupIngress\",\n        \"ec2:GetCoipPoolUsage\",\n        \"ec2:DescribeVpcs\",\n        \"ec2:DescribeVpcPeeringConnections\",\n        \"ec2:DescribeTags\",\n        \"ec2:DescribeSubnets\",\n        \"ec2:DescribeSecurityGroups\",\n        \"ec2:DescribeNetworkInterfaces\",\n        \"ec2:DescribeInternetGateways\",\n        \"ec2:DescribeInstances\",\n        \"ec2:DescribeCoipPools\",\n        \"ec2:DescribeAvailabilityZones\",\n        \"ec2:DescribeAddresses\",\n        \"ec2:DescribeAccountAttributes\",\n        \"ec2:DeleteTags\",\n        \"ec2:DeleteSecurityGroup\",\n        \"ec2:CreateTags\",\n        \"ec2:CreateSecurityGroup\",\n        \"ec2:AuthorizeSecurityGroupIngress\",\n        \"cognito-idp:DescribeUserPoolClient\",\n        \"acm:ListCertificates\",\n        \"acm:DescribeCertificate\"\n      ],\n      \"Resource\": \"*\"\n    },\n    {\n      \"Effect\": \"Allow\",\n      \"Action\": \"ec2:CreateSecurityGroup\",\n      \"Resource\": \"*\"\n    },\n    {\n      \"Effect\": \"Allow\",\n      \"Action\": \"ec2:CreateTags\",\n      \"Resource\": \"arn:aws:ec2:*:*:security-group/*\",\n      \"Condition\": {\n        \"Null\": {\n          \"aws:RequestTag/elbv2.k8s.aws/cluster\": \"false\"\n        },\n        \"StringEquals\": {\n          \"ec2:CreateAction\": \"CreateSecurityGroup\"\n        }\n      }\n    },\n    {\n      \"Effect\": \"Allow\",\n      \"Action\": [\n        \"ec2:DeleteTags\",\n        \"ec2:CreateTags\"\n      ],\n      \"Resource\": \"arn:aws:ec2:*:*:security-group/*\",\n      \"Condition\": {\n        \"Null\": {\n          \"aws:RequestTag/elbv2.k8s.aws/cluster\": \"true\",\n          \"aws:ResourceTag/elbv2.k8s.aws/cluster\": \"false\"\n        }\n      }\n    },\n    {\n      \"Effect\": \"Allow\",\n      \"Action\": [\n        \"ec2:RevokeSecurityGroupIngress\",\n        \"ec2:DeleteSecurityGroup\",\n        \"ec2:AuthorizeSecurityGroupIngress\"\n      ],\n      \"Resource\": \"*\",\n      \"Condition\": {\n        \"Null\": {\n          \"aws:ResourceTag/elbv2.k8s.aws/cluster\": \"false\"\n        }\n      }\n    },\n    {\n      \"Effect\": \"Allow\",\n      \"Action\": [\n        \"elasticloadbalancing:CreateTargetGroup\",\n        \"elasticloadbalancing:CreateLoadBalancer\"\n      ],\n      \"Resource\": \"*\",\n      \"Condition\": {\n        \"Null\": {\n          \"aws:RequestTag/elbv2.k8s.aws/cluster\": \"false\"\n        }\n      }\n    },\n    {\n      \"Effect\": \"Allow\",\n      \"Action\": [\n        \"elasticloadbalancing:DeleteRule\",\n        \"elasticloadbalancing:DeleteListener\",\n        \"elasticloadbalancing:CreateRule\",\n        \"elasticloadbalancing:CreateListener\"\n      ],\n      \"Resource\": \"*\"\n    },\n    {\n      \"Effect\": \"Allow\",\n      \"Action\": [\n        \"elasticloadbalancing:RemoveTags\",\n        \"elasticloadbalancing:AddTags\"\n      ],\n      \"Resource\": [\n        \"arn:aws:elasticloadbalancing:*:*:targetgroup/*/*\",\n        \"arn:aws:elasticloadbalancing:*:*:loadbalancer/net/*/*\",\n        \"arn:aws:elasticloadbalancing:*:*:loadbalancer/app/*/*\"\n      ],\n      \"Condition\": {\n        \"Null\": {\n          \"aws:RequestTag/elbv2.k8s.aws/cluster\": \"true\",\n          \"aws:ResourceTag/elbv2.k8s.aws/cluster\": \"false\"\n        }\n      }\n    },\n    {\n      \"Effect\": \"Allow\",\n      \"Action\": [\n        \"elasticloadbalancing:RemoveTags\",\n        \"elasticloadbalancing:AddTags\"\n      ],\n      \"Resource\": [\n        \"arn:aws:elasticloadbalancing:*:*:listener/net/*/*/*\",\n        \"arn:aws:elasticloadbalancing:*:*:listener/app/*/*/*\",\n        \"arn:aws:elasticloadbalancing:*:*:listener-rule/net/*/*/*\",\n        \"arn:aws:elasticloadbalancing:*:*:listener-rule/app/*/*/*\"\n      ]\n    },\n    {\n      \"Effect\": \"Allow\",\n      \"Action\": [\n        \"elasticloadbalancing:SetSubnets\",\n        \"elasticloadbalancing:SetSecurityGroups\",\n        \"elasticloadbalancing:SetIpAddressType\",\n        \"elasticloadbalancing:ModifyTargetGroupAttributes\",\n        \"elasticloadbalancing:ModifyTargetGroup\",\n        \"elasticloadbalancing:ModifyLoadBalancerAttributes\",\n        \"elasticloadbalancing:DeleteTargetGroup\",\n        \"elasticloadbalancing:DeleteLoadBalancer\"\n      ],\n      \"Resource\": \"*\",\n      \"Condition\": {\n        \"Null\": {\n          \"aws:ResourceTag/elbv2.k8s.aws/cluster\": \"false\"\n        }\n      }\n    },\n    {\n      \"Effect\": \"Allow\",\n      \"Action\": \"elasticloadbalancing:AddTags\",\n      \"Resource\": [\n        \"arn:aws:elasticloadbalancing:*:*:targetgroup/*/*\",\n        \"arn:aws:elasticloadbalancing:*:*:loadbalancer/net/*/*\",\n        \"arn:aws:elasticloadbalancing:*:*:loadbalancer/app/*/*\"\n      ],\n      \"Condition\": {\n        \"Null\": {\n          \"aws:RequestTag/elbv2.k8s.aws/cluster\": \"false\"\n        },\n        \"StringEquals\": {\n          \"elasticloadbalancing:CreateAction\": [\n            \"CreateTargetGroup\",\n            \"CreateLoadBalancer\"\n          ]\n        }\n      }\n    },\n    {\n      \"Effect\": \"Allow\",\n      \"Action\": [\n        \"elasticloadbalancing:RegisterTargets\",\n        \"elasticloadbalancing:DeregisterTargets\"\n      ],\n      \"Resource\": \"arn:aws:elasticloadbalancing:*:*:targetgroup/*/*\"\n    },\n    {\n      \"Effect\": \"Allow\",\n      \"Action\": [\n        \"elasticloadbalancing:SetWebAcl\",\n        \"elasticloadbalancing:RemoveListenerCertificates\",\n        \"elasticloadbalancing:ModifyRule\",\n        \"elasticloadbalancing:ModifyListener\",\n        \"elasticloadbalancing:AddListenerCertificates\"\n      ],\n      \"Resource\": \"*\"\n    }\n  ]\n}","override_policy_documents":null,"policy_id":null,"source_policy_documents":null,"statement":[{"actions":["iam:CreateServiceLinkedRole"],"condition":[{"test":"StringEquals","values":["elasticloadbalancing.amazonaws.com"],"variable":"iam:AWSServiceName"}],"effect":"Allow","not_actions":[],"not_principals":[],"not_resources":[],"principals":[],"resources":["*"],"sid":""},{"actions":["acm:DescribeCertificate","acm:ListCertificates","cognito-idp:DescribeUserPoolClient","ec2:AuthorizeSecurityGroupIngress","ec2:CreateSecurityGroup","ec2:CreateTags","ec2:DeleteSecurityGroup","ec2:DeleteTags","ec2:DescribeAccountAttributes","ec2:DescribeAddresses","ec2:DescribeAvailabilityZones","ec2:DescribeCoipPools","ec2:DescribeInstances","ec2:DescribeInternetGateways","ec2:DescribeNetworkInterfaces","ec2:DescribeSecurityGroups","ec2:DescribeSubnets","ec2:DescribeTags","ec2:DescribeVpcPeeringConnections","ec2:DescribeVpcs","ec2:GetCoipPoolUsage","ec2:RevokeSecurityGroupIngress","elasticloadbalancing:AddListenerCertificates","elasticloadbalancing:AddTags","elasticloadbalancing:CreateListener","elasticloadbalancing:CreateLoadBalancer","elasticloadbalancing:CreateRule","elasticloadbalancing:CreateTargetGroup","elasticloadbalancing:DeleteListener","elasticloadbalancing:DeleteLoadBalancer","elasticloadbalancing:DeleteRule","elasticloadbalancing:DeleteTargetGroup","elasticloadbalancing:DeregisterTargets","elasticloadbalancing:DescribeListenerCertificates","elasticloadbalancing:DescribeListeners","elasticloadbalancing:DescribeLoadBalancerAttributes","elasticloadbalancing:DescribeLoadBalancers","elasticloadbalancing:DescribeRules","elasticloadbalancing:DescribeSSLPolicies","elasticloadbalancing:DescribeTags","elasticloadbalancing:DescribeTargetGroupAttributes","elasticloadbalancing:DescribeTargetGroups","elasticloadbalancing:DescribeTargetHealth","elasticloadbalancing:DescribeTrustStores","elasticloadbalancing:ModifyListener","elasticloadbalancing:ModifyLoadBalancerAttributes","elasticloadbalancing:ModifyRule","elasticloadbalancing:ModifyTargetGroup","elasticloadbalancing:ModifyTargetGroupAttributes","elasticloadbalancing:RegisterTargets","elasticloadbalancing:RemoveListenerCertificates","elasticloadbalancing:RemoveTags","elasticloadbalancing:SetIpAddressType","elasticloadbalancing:SetSecurityGroups","elasticloadbalancing:SetSubnets","elasticloadbalancing:SetWebAcl","iam:GetServerCertificate","iam:ListServerCertificates","shield:CreateProtection","shield:DeleteProtection","shield:DescribeProtection","shield:GetSubscriptionState","waf-regional:AssociateWebACL","waf-regional:DisassociateWebACL","waf-regional:GetWebACL","waf-regional:GetWebACLForResource","wafv2:AssociateWebACL","wafv2:DisassociateWebACL","wafv2:GetWebACL","wafv2:GetWebACLForResource"],"condition":[],"effect":"Allow","not_actions":[],"not_principals":[],"not_resources":[],"principals":[],"resources":["*"],"sid":""},{"actions":["ec2:CreateSecurityGroup"],"condition":[],"effect":"Allow","not_actions":[],"not_principals":[],"not_resources":[],"principals":[],"resources":["*"],"sid":""},{"actions":["ec2:CreateTags"],"condition":[{"test":"Null","values":["false"],"variable":"aws:RequestTag/elbv2.k8s.aws/cluster"},{"test":"StringEquals","values":["CreateSecurityGroup"],"variable":"ec2:CreateAction"}],"effect":"Allow","not_actions":[],"not_principals":[],"not_resources":[],"principals":[],"resources":["arn:aws:ec2:*:*:security-group/*"],"sid":""},{"actions":["ec2:CreateTags","ec2:DeleteTags"],"condition":[{"test":"Null","values":["false"],"variable":"aws:ResourceTag/elbv2.k8s.aws/cluster"},{"test":"Null","values":["true"],"variable":"aws:RequestTag/elbv2.k8s.aws/cluster"}],"effect":"Allow","not_actions":[],"not_principals":[],"not_resources":[],"principals":[],"resources":["arn:aws:ec2:*:*:security-group/*"],"sid":""},{"actions":["ec2:AuthorizeSecurityGroupIngress","ec2:DeleteSecurityGroup","ec2:RevokeSecurityGroupIngress"],"condition":[{"test":"Null","values":["false"],"variable":"aws:ResourceTag/elbv2.k8s.aws/cluster"}],"effect":"Allow","not_actions":[],"not_principals":[],"not_resources":[],"principals":[],"resources":["*"],"sid":""},{"actions":["elasticloadbalancing:CreateLoadBalancer","elasticloadbalancing:CreateTargetGroup"],"condition":[{"test":"Null","values":["false"],"variable":"aws:RequestTag/elbv2.k8s.aws/cluster"}],"effect":"Allow","not_actions":[],"not_principals":[],"not_resources":[],"principals":[],"resources":["*"],"sid":""},{"actions":["elasticloadbalancing:CreateListener","elasticloadbalancing:CreateRule","elasticloadbalancing:DeleteListener","elasticloadbalancing:DeleteRule"],"condition":[],"effect":"Allow","not_actions":[],"not_principals":[],"not_resources":[],"principals":[],"resources":["*"],"sid":""},{"actions":["elasticloadbalancing:AddTags","elasticloadbalancing:RemoveTags"],"condition":[{"test":"Null","values":["false"],"variable":"aws:ResourceTag/elbv2.k8s.aws/cluster"},{"test":"Null","values":["true"],"variable":"aws:RequestTag/elbv2.k8s.aws/cluster"}],"effect":"Allow","not_actions":[],"not_principals":[],"not_resources":[],"principals":[],"resources":["arn:aws:elasticloadbalancing:*:*:loadbalancer/app/*/*","arn:aws:elasticloadbalancing:*:*:loadbalancer/net/*/*","arn:aws:elasticloadbalancing:*:*:targetgroup/*/*"],"sid":""},{"actions":["elasticloadbalancing:AddTags","elasticloadbalancing:RemoveTags"],"condition":[],"effect":"Allow","not_actions":[],"not_principals":[],"not_resources":[],"principals":[],"resources":["arn:aws:elasticloadbalancing:*:*:listener-rule/app/*/*/*","arn:aws:elasticloadbalancing:*:*:listener-rule/net/*/*/*","arn:aws:elasticloadbalancing:*:*:listener/app/*/*/*","arn:aws:elasticloadbalancing:*:*:listener/net/*/*/*"],"sid":""},{"actions":["elasticloadbalancing:DeleteLoadBalancer","elasticloadbalancing:DeleteTargetGroup","elasticloadbalancing:ModifyLoadBalancerAttributes","elasticloadbalancing:ModifyTargetGroup","elasticloadbalancing:ModifyTargetGroupAttributes","elasticloadbalancing:SetIpAddressType","elasticloadbalancing:SetSecurityGroups","elasticloadbalancing:SetSubnets"],"condition":[{"test":"Null","values":["false"],"variable":"aws:ResourceTag/elbv2.k8s.aws/cluster"}],"effect":"Allow","not_actions":[],"not_principals":[],"not_resources":[],"principals":[],"resources":["*"],"sid":""},{"actions":["elasticloadbalancing:AddTags"],"condition":[{"test":"Null","values":["false"],"variable":"aws:RequestTag/elbv2.k8s.aws/cluster"},{"test":"StringEquals","values":["CreateTargetGroup","CreateLoadBalancer"],"variable":"elasticloadbalancing:CreateAction"}],"effect":"Allow","not_actions":[],"not_principals":[],"not_resources":[],"principals":[],"resources":["arn:aws:elasticloadbalancing:*:*:loadbalancer/app/*/*","arn:aws:elasticloadbalancing:*:*:loadbalancer/net/*/*","arn:aws:elasticloadbalancing:*:*:targetgroup/*/*"],"sid":""},{"actions":["elasticloadbalancing:DeregisterTargets","elasticloadbalancing:RegisterTargets"],"condition":[],"effect":"Allow","not_actions":[],"not_principals":[],"not_resources":[],"principals":[],"resources":["arn:aws:elasticloadbalancing:*:*:targetgroup/*/*"],"sid":""},{"actions":["elasticloadbalancing:AddListenerCertificates","elasticloadbalancing:ModifyListener","elasticloadbalancing:ModifyRule","elasticloadbalancing:RemoveListenerCertificates","elasticloadbalancing:SetWebAcl"],"condition":[],"effect":"Allow","not_actions":[],"not_principals":[],"not_resources":[],"principals":[],"resources":["*"],"sid":""}],"version":"2012-10-17"},"sensitive_values":{"statement":[{"actions":[false],"condition":[{"values":[false]}],"not_actions":[],"not_principals":[],"not_resources":[],"principals":[],"resources":[false]},{"actions":[false,false,false,false,false,false,false,false,false,false,false,false,false,false,false,false,false,false,false,false,false,false,false,false,false,false,false,false,false,false,false,false,false,false,false,false,false,false,false,false,false,false,false,false,false,false,false,false,false,false,false,false,false,false,false,false,false,false,false,false,false,false,false,false,false,false,false,false,false,false],"condition":[],"not_actions":[],"not_principals":[],"not_resources":[],"principals":[],"resources":[false]},{"actions":[false],"condition":[],"not_actions":[],"not_principals":[],"not_resources":[],"principals":[],"resources":[false]},{"actions":[false],"condition":[{"values":[false]},{"values":[false]}],"not_actions":[],"not_principals":[],"not_resources":[],"principals":[],"resources":[false]},{"actions":[false,false],"condition":[{"values":[false]},{"values":[false]}],"not_actions":[],"not_principals":[],"not_resources":[],"principals":[],"resources":[false]},{"actions":[false,false,false],"condition":[{"values":[false]}],"not_actions":[],"not_principals":[],"not_resources":[],"principals":[],"resources":[false]},{"actions":[false,false],"condition":[{"values":[false]}],"not_actions":[],"not_principals":[],"not_resources":[],"principals":[],"resources":[false]},{"actions":[false,false,false,false],"condition":[],"not_actions":[],"not_principals":[],"not_resources":[],"principals":[],"resources":[false]},{"actions":[false,false],"condition":[{"values":[false]},{"values":[false]}],"not_actions":[],"not_principals":[],"not_resources":[],"principals":[],"resources":[false,false,false]},{"actions":[false,false],"condition":[],"not_actions":[],"not_principals":[],"not_resources":[],"principals":[],"resources":[false,false,false,false]},{"actions":[false,false,false,false,false,false,false,false],"condition":[{"values":[false]}],"not_actions":[],"not_principals":[],"not_resources":[],"principals":[],"resources":[false]},{"actions":[false],"condition":[{"values":[false]},{"values":[false,false]}],"not_actions":[],"not_principals":[],"not_resources":[],"principals":[],"resources":[false,false,false]},{"actions":[false,false],"condition":[],"not_actions":[],"not_principals":[],"not_resources":[],"principals":[],"resources":[false]},{"actions":[false,false,false,false,false],"condition":[],"not_actions":[],"not_principals":[],"not_resources":[],"principals":[],"resources":[false]}]}},{"address":"data.aws_iam_policy_document.eks_assume_role_permissions","mode":"data","type":"aws_iam_policy_document","name":"eks_assume_role_permissions","provider_name":"registry.terraform.io/hashicorp/aws","schema_version":0,"values":{"id":"1225707575","json":"{\n  \"Version\": \"2012-10-17\",\n  \"Statement\": [\n    {\n      \"Sid\": \"EKSAssumeRole\",\n      \"Effect\": \"Allow\",\n      \"Action\": \"sts:AssumeRole\",\n      \"Principal\": {\n        \"Service\": \"eks.amazonaws.com\"\n      }\n    }\n  ]\n}","override_policy_documents":null,"policy_id":null,"source_policy_documents":null,"statement":[{"actions":["sts:AssumeRole"],"condition":[],"effect":"Allow","not_actions":[],"not_principals":[],"not_resources":[],"principals":[{"identifiers":["eks.amazonaws.com"],"type":"Service"}],"resources":[],"sid":"EKSAssumeRole"}],"version":"2012-10-17"},"sensitive_values":{"statement":[{"actions":[false],"condition":[],"not_actions":[],"not_principals":[],"not_resources":[],"principals":[{"identifiers":[false]}],"resources":[]}]}},{"address":"data.aws_iam_policy_document.eks_service_account_secret_permissions","mode":"data","type":"aws_iam_policy_document","name":"eks_service_account_secret_permissions","provider_name":"registry.terraform.io/hashicorp/aws","schema_version":0,"values":{"id":"2646392825","json":"{\n  \"Version\": \"2012-10-17\",\n  \"Statement\": [\n    {\n      \"Sid\": \"EKSServiceAccountSecretPermissions\",\n      \"Effect\": \"Allow\",\n      \"Action\": [\n        \"secretsmanager:GetSecretValue\",\n        \"secretsmanager:DescribeSecret\"\n      ],\n      \"Resource\": \"arn:aws:secretsmanager:us-east-1:AWS_ACCOUNT_ID:secret:/python-weather-app/api-key-######\"\n    }\n  ]\n}","override_policy_documents":null,"policy_id":null,"source_policy_documents":null,"statement":[{"actions":["secretsmanager:DescribeSecret","secretsmanager:GetSecretValue"],"condition":[],"effect":"Allow","not_actions":[],"not_principals":[],"not_resources":[],"principals":[],"resources":["arn:aws:secretsmanager:us-east-1:AWS_ACCOUNT_ID:secret:/python-weather-app/api-key-######"],"sid":"EKSServiceAccountSecretPermissions"}],"version":"2012-10-17"},"sensitive_values":{"statement":[{"actions":[false,false],"condition":[],"not_actions":[],"not_principals":[],"not_resources":[],"principals":[],"resources":[false]}]}},{"address":"data.aws_iam_policy_document.eks_worker_node_assume_role_permissions","mode":"data","type":"aws_iam_policy_document","name":"eks_worker_node_assume_role_permissions","provider_name":"registry.terraform.io/hashicorp/aws","schema_version":0,"values":{"id":"93849769","json":"{\n  \"Version\": \"2012-10-17\",\n  \"Statement\": [\n    {\n      \"Sid\": \"EKSWorkerNodeAssumeRole\",\n      \"Effect\": \"Allow\",\n      \"Action\": \"sts:AssumeRole\",\n      \"Principal\": {\n        \"Service\": \"ec2.amazonaws.com\"\n      }\n    }\n  ]\n}","override_policy_documents":null,"policy_id":null,"source_policy_documents":null,"statement":[{"actions":["sts:AssumeRole"],"condition":[],"effect":"Allow","not_actions":[],"not_principals":[],"not_resources":[],"principals":[{"identifiers":["ec2.amazonaws.com"],"type":"Service"}],"resources":[],"sid":"EKSWorkerNodeAssumeRole"}],"version":"2012-10-17"},"sensitive_values":{"statement":[{"actions":[false],"condition":[],"not_actions":[],"not_principals":[],"not_resources":[],"principals":[{"identifiers":[false]}],"resources":[]}]}}]}}},"configuration":{"provider_config":{"aws":{"name":"aws","full_name":"registry.terraform.io/hashicorp/aws","version_constraint":"5.38.0","expressions":{"region":{"constant_value":"us-east-1"}}},"tls":{"name":"tls","full_name":"registry.terraform.io/hashicorp/tls"}},"root_module":{"outputs":{"private_subnet_ids":{"expression":{"references":["aws_subnet.eks_private_subnets"]}},"public_subnet_ids":{"expression":{"references":["aws_subnet.eks_public_subnets"]}},"vpc_id":{"expression":{"references":["aws_vpc.eks_vpc.id","aws_vpc.eks_vpc"]}}},"resources":[{"address":"aws_dynamodb_table.eks_terraform_tfstate_lock","mode":"managed","type":"aws_dynamodb_table","name":"eks_terraform_tfstate_lock","provider_config_key":"aws","expressions":{"attribute":[{"name":{"constant_value":"LockID"},"type":{"constant_value":"S"}}],"billing_mode":{"constant_value":"PROVISIONED"},"hash_key":{"constant_value":"LockID"},"name":{"constant_value":"eks-terraform-statelock"},"read_capacity":{"constant_value":5},"tags":{"references":["var.tags"]},"write_capacity":{"constant_value":5}},"schema_version":1},{"address":"aws_ecr_repository.eks_python_weather_app","mode":"managed","type":"aws_ecr_repository","name":"eks_python_weather_app","provider_config_key":"aws","expressions":{"image_scanning_configuration":[{"scan_on_push":{"constant_value":true}}],"image_tag_mutability":{"constant_value":"MUTABLE"},"name":{"constant_value":"eks-python-weather-app"},"tags":{"references":["var.tags"]}},"schema_version":0},{"address":"aws_eip.eks_eips","mode":"managed","type":"aws_eip","name":"eks_eips","provider_config_key":"aws","expressions":{"domain":{"constant_value":"vpc"},"tags":{"references":["var.tags","count.index"]}},"schema_version":0,"count_expression":{"references":["aws_subnet.eks_public_subnets"]}},{"address":"aws_eks_cluster.eks_cluster","mode":"managed","type":"aws_eks_cluster","name":"eks_cluster","provider_config_key":"aws","expressions":{"name":{"constant_value":"EKS-Cluster"},"role_arn":{"references":["aws_iam_role.eks_role.arn","aws_iam_role.eks_role"]},"tags":{"references":["var.tags"]},"vpc_config":[{"subnet_ids":{"references":["aws_subnet.eks_private_subnets"]}}]},"schema_version":0,"depends_on":["aws_iam_role_policy_attachment.eks_cluster_policy_attachment","aws_iam_role_policy_attachment.ecr_read_only_policy_attachment","aws_iam_role.eks_role"]},{"address":"aws_eks_identity_provider_config.eks_provider_config","mode":"managed","type":"aws_eks_identity_provider_config","name":"eks_provider_config","provider_config_key":"aws","expressions":{"cluster_name":{"references":["aws_eks_cluster.eks_cluster.name","aws_eks_cluster.eks_cluster"]},"oidc":[{"client_id":{"references":["aws_eks_cluster.eks_cluster.identity[0].oidc[0].issuer","aws_eks_cluster.eks_cluster.identity[0].oidc[0]","aws_eks_cluster.eks_cluster.identity[0].oidc","aws_eks_cluster.eks_cluster.identity[0]","aws_eks_cluster.eks_cluster.identity","aws_eks_cluster.eks_cluster"]},"identity_provider_config_name":{"constant_value":"eks_oidc_provider_config"},"issuer_url":{"references":["aws_iam_openid_connect_provider.eks.url","aws_iam_openid_connect_provider.eks"]}}],"tags":{"references":["var.tags"]}},"schema_version":0},{"address":"aws_eks_node_group.eks_worker_node_group","mode":"managed","type":"aws_eks_node_group","name":"eks_worker_node_group","provider_config_key":"aws","expressions":{"cluster_name":{"references":["aws_eks_cluster.eks_cluster.name","aws_eks_cluster.eks_cluster"]},"instance_types":{"constant_value":["t3.small"]},"node_role_arn":{"references":["aws_iam_role.eks_worker_node_role.arn","aws_iam_role.eks_worker_node_role"]},"scaling_config":[{"desired_size":{"constant_value":2},"max_size":{"constant_value":3},"min_size":{"constant_value":2}}],"subnet_ids":{"references":["aws_subnet.eks_private_subnets"]},"tags":{"references":["var.tags"]}},"schema_version":0,"depends_on":["aws_iam_role_policy_attachment.eks_worker_node_policy_attachment","aws_iam_role_policy_attachment.eks_worker_node_ecr_read_only_policy_attachment","aws_iam_role_policy_attachment.eks_cni_policy_attachment","aws_iam_role.eks_worker_node_role"]},{"address":"aws_iam_openid_connect_provider.eks","mode":"managed","type":"aws_iam_openid_connect_provider","name":"eks","provider_config_key":"aws","expressions":{"client_id_list":{"constant_value":["sts.amazonaws.com"]},"tags":{"references":["var.tags"]},"thumbprint_list":{"references":["data.tls_certificate.eks_oidc_url.certificates[0].sha1_fingerprint","data.tls_certificate.eks_oidc_url.certificates[0]","data.tls_certificate.eks_oidc_url.certificates","data.tls_certificate.eks_oidc_url"]},"url":{"references":["aws_eks_cluster.eks_cluster.identity[0].oidc[0].issuer","aws_eks_cluster.eks_cluster.identity[0].oidc[0]","aws_eks_cluster.eks_cluster.identity[0].oidc","aws_eks_cluster.eks_cluster.identity[0]","aws_eks_cluster.eks_cluster.identity","aws_eks_cluster.eks_cluster"]}},"schema_version":0},{"address":"aws_iam_policy.alb_controller_policy","mode":"managed","type":"aws_iam_policy","name":"alb_controller_policy","provider_config_key":"aws","expressions":{"name":{"constant_value":"AWSLoadBalancerControllerIAMPolicy"},"policy":{"references":["data.aws_iam_policy_document.alb_controller_permissions.json","data.aws_iam_policy_document.alb_controller_permissions"]},"tags":{"references":["var.tags"]}},"schema_version":0},{"address":"aws_iam_policy.eks_service_account_secret_policy","mode":"managed","type":"aws_iam_policy","name":"eks_service_account_secret_policy","provider_config_key":"aws","expressions":{"name":{"constant_value":"EKSServiceAccountSecretPermissions"},"policy":{"references":["data.aws_iam_policy_document.eks_service_account_secret_permissions.json","data.aws_iam_policy_document.eks_service_account_secret_permissions"]},"tags":{"references":["var.tags"]}},"schema_version":0},{"address":"aws_iam_role.eks_loadbalancer_controller_role","mode":"managed","type":"aws_iam_role","name":"eks_loadbalancer_controller_role","provider_config_key":"aws","expressions":{"assume_role_policy":{"references":["data.aws_iam_policy_document.eks_alb_assume_role_policy.json","data.aws_iam_policy_document.eks_alb_assume_role_policy"]},"name":{"constant_value":"AmazonEKSLoadBalancerControllerRole"},"tags":{"references":["var.tags"]}},"schema_version":0},{"address":"aws_iam_role.eks_oidc_role","mode":"managed","type":"aws_iam_role","name":"eks_oidc_role","provider_config_key":"aws","expressions":{"assume_role_policy":{"references":["data.aws_iam_policy_document.oidc_assume_role_policy.json","data.aws_iam_policy_document.oidc_assume_role_policy"]},"name":{"constant_value":"eks_oidc_role"},"tags":{"references":["var.tags"]}},"schema_version":0},{"address":"aws_iam_role.eks_role","mode":"managed","type":"aws_iam_role","name":"eks_role","provider_config_key":"aws","expressions":{"assume_role_policy":{"references":["data.aws_iam_policy_document.eks_assume_role_permissions.json","data.aws_iam_policy_document.eks_assume_role_permissions"]},"name":{"constant_value":"eks-role"},"tags":{"references":["var.tags"]}},"schema_version":0},{"address":"aws_iam_role.eks_worker_node_role","mode":"managed","type":"aws_iam_role","name":"eks_worker_node_role","provider_config_key":"aws","expressions":{"assume_role_policy":{"references":["data.aws_iam_policy_document.eks_worker_node_assume_role_permissions.json","data.aws_iam_policy_document.eks_worker_node_assume_role_permissions"]},"name":{"constant_value":"eks-worker-node-role"},"tags":{"references":["var.tags"]}},"schema_version":0},{"address":"aws_iam_role_policy_attachment.alb_controller_policy_attachment","mode":"managed","type":"aws_iam_role_policy_attachment","name":"alb_controller_policy_attachment","provider_config_key":"aws","expressions":{"policy_arn":{"references":["aws_iam_policy.alb_controller_policy.arn","aws_iam_policy.alb_controller_policy"]},"role":{"references":["aws_iam_role.eks_loadbalancer_controller_role.name","aws_iam_role.eks_loadbalancer_controller_role"]}},"schema_version":0},{"address":"aws_iam_role_policy_attachment.ecr_read_only_policy_attachment","mode":"managed","type":"aws_iam_role_policy_attachment","name":"ecr_read_only_policy_attachment","provider_config_key":"aws","expressions":{"policy_arn":{"constant_value":"arn:aws:iam::aws:policy/AmazonEC2ContainerRegistryReadOnly"},"role":{"references":["aws_iam_role.eks_role.name","aws_iam_role.eks_role"]}},"schema_version":0},{"address":"aws_iam_role_policy_attachment.eks_cluster_policy_attachment","mode":"managed","type":"aws_iam_role_policy_attachment","name":"eks_cluster_policy_attachment","provider_config_key":"aws","expressions":{"policy_arn":{"constant_value":"arn:aws:iam::aws:policy/AmazonEKSClusterPolicy"},"role":{"references":["aws_iam_role.eks_role.name","aws_iam_role.eks_role"]}},"schema_version":0},{"address":"aws_iam_role_policy_attachment.eks_cni_policy_attachment","mode":"managed","type":"aws_iam_role_policy_attachment","name":"eks_cni_policy_attachment","provider_config_key":"aws","expressions":{"policy_arn":{"constant_value":"arn:aws:iam::aws:policy/AmazonEKS_CNI_Policy"},"role":{"references":["aws_iam_role.eks_worker_node_role.name","aws_iam_role.eks_worker_node_role"]}},"schema_version":0},{"address":"aws_iam_role_policy_attachment.eks_ec2_full_access","mode":"managed","type":"aws_iam_role_policy_attachment","name":"eks_ec2_full_access","provider_config_key":"aws","expressions":{"policy_arn":{"constant_value":"arn:aws:iam::aws:policy/AmazonEC2FullAccess"},"role":{"references":["aws_iam_role.eks_worker_node_role.name","aws_iam_role.eks_worker_node_role"]}},"schema_version":0},{"address":"aws_iam_role_policy_attachment.eks_elastic_load_balancing_full_access","mode":"managed","type":"aws_iam_role_policy_attachment","name":"eks_elastic_load_balancing_full_access","provider_config_key":"aws","expressions":{"policy_arn":{"constant_value":"arn:aws:iam::aws:policy/ElasticLoadBalancingFullAccess"},"role":{"references":["aws_iam_role.eks_worker_node_role.name","aws_iam_role.eks_worker_node_role"]}},"schema_version":0},{"address":"aws_iam_role_policy_attachment.eks_worker_node_ecr_read_only_policy_attachment","mode":"managed","type":"aws_iam_role_policy_attachment","name":"eks_worker_node_ecr_read_only_policy_attachment","provider_config_key":"aws","expressions":{"policy_arn":{"constant_value":"arn:aws:iam::aws:policy/AmazonEC2ContainerRegistryReadOnly"},"role":{"references":["aws_iam_role.eks_worker_node_role.name","aws_iam_role.eks_worker_node_role"]}},"schema_version":0},{"address":"aws_iam_role_policy_attachment.eks_worker_node_policy_attachment","mode":"managed","type":"aws_iam_role_policy_attachment","name":"eks_worker_node_policy_attachment","provider_config_key":"aws","expressions":{"policy_arn":{"constant_value":"arn:aws:iam::aws:policy/AmazonEKSWorkerNodePolicy"},"role":{"references":["aws_iam_role.eks_worker_node_role.name","aws_iam_role.eks_worker_node_role"]}},"schema_version":0},{"address":"aws_iam_role_policy_attachment.oidc_secret_policy_attachment","mode":"managed","type":"aws_iam_role_policy_attachment","name":"oidc_secret_policy_attachment","provider_config_key":"aws","expressions":{"policy_arn":{"references":["aws_iam_policy.eks_service_account_secret_policy.arn","aws_iam_policy.eks_service_account_secret_policy"]},"role":{"references":["aws_iam_role.eks_oidc_role.name","aws_iam_role.eks_oidc_role"]}},"schema_version":0},{"address":"aws_internet_gateway.eks_internet_gateway","mode":"managed","type":"aws_internet_gateway","name":"eks_internet_gateway","provider_config_key":"aws","expressions":{"tags":{"references":["var.tags"]},"vpc_id":{"references":["aws_vpc.eks_vpc.id","aws_vpc.eks_vpc"]}},"schema_version":0},{"address":"aws_nat_gateway.eks_nat_gateways","mode":"managed","type":"aws_nat_gateway","name":"eks_nat_gateways","provider_config_key":"aws","expressions":{"allocation_id":{"references":["aws_eip.eks_eips","count.index"]},"subnet_id":{"references":["aws_subnet.eks_public_subnets","count.index"]},"tags":{"references":["var.tags","count.index"]}},"schema_version":0,"count_expression":{"references":["aws_subnet.eks_public_subnets"]},"depends_on":["aws_internet_gateway.eks_internet_gateway","aws_eip.eks_eips","aws_subnet.eks_public_subnets"]},{"address":"aws_route.eks_private_route_table_routes","mode":"managed","type":"aws_route","name":"eks_private_route_table_routes","provider_config_key":"aws","expressions":{"destination_cidr_block":{"constant_value":"0.0.0.0/0"},"nat_gateway_id":{"references":["aws_nat_gateway.eks_nat_gateways","count.index"]},"route_table_id":{"references":["aws_route_table.eks_private_route_tables","count.index"]}},"schema_version":0,"count_expression":{"references":["aws_route_table.eks_private_route_tables"]}},{"address":"aws_route_table.eks_private_route_tables","mode":"managed","type":"aws_route_table","name":"eks_private_route_tables","provider_config_key":"aws","expressions":{"tags":{"references":["var.tags","count.index"]},"vpc_id":{"references":["aws_vpc.eks_vpc.id","aws_vpc.eks_vpc"]}},"schema_version":0,"count_expression":{"references":["aws_subnet.eks_private_subnets"]},"depends_on":["aws_internet_gateway.eks_internet_gateway","aws_nat_gateway.eks_nat_gateways"]},{"address":"aws_route_table.eks_public_route_table","mode":"managed","type":"aws_route_table","name":"eks_public_route_table","provider_config_key":"aws","expressions":{"route":{"references":["aws_internet_gateway.eks_internet_gateway.id","aws_internet_gateway.eks_internet_gateway"]},"tags":{"references":["var.tags"]},"vpc_id":{"references":["aws_vpc.eks_vpc.id","aws_vpc.eks_vpc"]}},"schema_version":0,"depends_on":["aws_internet_gateway.eks_internet_gateway"]},{"address":"aws_route_table_association.eks_private_route_table_association","mode":"managed","type":"aws_route_table_association","name":"eks_private_route_table_association","provider_config_key":"aws","expressions":{"route_table_id":{"references":["aws_route_table.eks_private_route_tables","count.index"]},"subnet_id":{"references":["aws_subnet.eks_private_subnets","count.index"]}},"schema_version":0,"count_expression":{"references":["aws_subnet.eks_private_subnets"]}},{"address":"aws_route_table_association.eks_public_route_table_association","mode":"managed","type":"aws_route_table_association","name":"eks_public_route_table_association","provider_config_key":"aws","expressions":{"route_table_id":{"references":["aws_route_table.eks_public_route_table.id","aws_route_table.eks_public_route_table"]},"subnet_id":{"references":["aws_subnet.eks_public_subnets","count.index"]}},"schema_version":0,"count_expression":{"references":["aws_subnet.eks_public_subnets"]}},{"address":"aws_s3_bucket.eks_terraform_tfstate_bucket","mode":"managed","type":"aws_s3_bucket","name":"eks_terraform_tfstate_bucket","provider_config_key":"aws","expressions":{"bucket":{"references":["var.tf_state_bucket"]},"tags":{"references":["var.tags"]}},"schema_version":0},{"address":"aws_s3_bucket_server_side_encryption_configuration.eks_terraform_tfstate_bucket_server_side_encryption_configuration","mode":"managed","type":"aws_s3_bucket_server_side_encryption_configuration","name":"eks_terraform_tfstate_bucket_server_side_encryption_configuration","provider_config_key":"aws","expressions":{"bucket":{"references":["aws_s3_bucket.eks_terraform_tfstate_bucket.id","aws_s3_bucket.eks_terraform_tfstate_bucket"]},"rule":[{"apply_server_side_encryption_by_default":[{"sse_algorithm":{"constant_value":"AES256"}}]}]},"schema_version":0},{"address":"aws_s3_bucket_versioning.eks_terraform_tfstate_bucket_versioning","mode":"managed","type":"aws_s3_bucket_versioning","name":"eks_terraform_tfstate_bucket_versioning","provider_config_key":"aws","expressions":{"bucket":{"references":["aws_s3_bucket.eks_terraform_tfstate_bucket.id","aws_s3_bucket.eks_terraform_tfstate_bucket"]},"versioning_configuration":[{"status":{"constant_value":"Enabled"}}]},"schema_version":0},{"address":"aws_security_group.eks_controlplane_security_group","mode":"managed","type":"aws_security_group","name":"eks_controlplane_security_group","provider_config_key":"aws","expressions":{"name":{"constant_value":"EKS-Controlplane-Security-Group"},"tags":{"references":["var.tags"]},"vpc_id":{"references":["aws_vpc.eks_vpc.id","aws_vpc.eks_vpc"]}},"schema_version":1},{"address":"aws_subnet.eks_private_subnets","mode":"managed","type":"aws_subnet","name":"eks_private_subnets","provider_config_key":"aws","expressions":{"availability_zone":{"references":["data.aws_availability_zones.eks_azs.names","data.aws_availability_zones.eks_azs","count.index"]},"cidr_block":{"references":["var.private_subnet_cidrs","count.index"]},"map_public_ip_on_launch":{"constant_value":false},"tags":{"references":["var.tags","count.index"]},"vpc_id":{"references":["aws_vpc.eks_vpc.id","aws_vpc.eks_vpc"]}},"schema_version":1,"count_expression":{"references":["var.private_subnet_cidrs"]}},{"address":"aws_subnet.eks_public_subnets","mode":"managed","type":"aws_subnet","name":"eks_public_subnets","provider_config_key":"aws","expressions":{"availability_zone":{"references":["data.aws_availability_zones.eks_azs.names","data.aws_availability_zones.eks_azs","count.index"]},"cidr_block":{"references":["var.public_subnet_cidrs","count.index"]},"map_public_ip_on_launch":{"constant_value":true},"tags":{"references":["var.tags","count.index"]},"vpc_id":{"references":["aws_vpc.eks_vpc.id","aws_vpc.eks_vpc"]}},"schema_version":1,"count_expression":{"references":["var.public_subnet_cidrs"]}},{"address":"aws_vpc.eks_vpc","mode":"managed","type":"aws_vpc","name":"eks_vpc","provider_config_key":"aws","expressions":{"cidr_block":{"constant_value":"10.0.0.0/16"},"enable_dns_hostnames":{"constant_value":true},"enable_dns_support":{"constant_value":true},"tags":{"references":["var.tags"]}},"schema_version":1},{"address":"aws_vpc_security_group_egress_rule.eks_controlplane_egress_rule","mode":"managed","type":"aws_vpc_security_group_egress_rule","name":"eks_controlplane_egress_rule","provider_config_key":"aws","expressions":{"cidr_ipv4":{"constant_value":"0.0.0.0/0"},"ip_protocol":{"constant_value":"-1"},"security_group_id":{"references":["aws_security_group.eks_controlplane_security_group.id","aws_security_group.eks_controlplane_security_group"]},"tags":{"references":["var.tags"]}},"schema_version":0},{"address":"data.aws_availability_zones.eks_azs","mode":"data","type":"aws_availability_zones","name":"eks_azs","provider_config_key":"aws","schema_version":0},{"address":"data.aws_iam_policy_document.alb_controller_permissions","mode":"data","type":"aws_iam_policy_document","name":"alb_controller_permissions","provider_config_key":"aws","expressions":{"statement":[{"actions":{"constant_value":["iam:CreateServiceLinkedRole"]},"condition":[{"test":{"constant_value":"StringEquals"},"values":{"constant_value":["elasticloadbalancing.amazonaws.com"]},"variable":{"constant_value":"iam:AWSServiceName"}}],"effect":{"constant_value":"Allow"},"resources":{"constant_value":["*"]}},{"actions":{"constant_value":["ec2:DescribeAccountAttributes","ec2:DescribeAddresses","ec2:DescribeAvailabilityZones","ec2:DescribeInternetGateways","ec2:DescribeVpcs","ec2:DescribeVpcPeeringConnections","ec2:DescribeSubnets","ec2:DescribeSecurityGroups","ec2:DescribeInstances","ec2:DescribeNetworkInterfaces","ec2:DescribeTags","ec2:GetCoipPoolUsage","ec2:DescribeCoipPools","elasticloadbalancing:DescribeLoadBalancers","elasticloadbalancing:DescribeLoadBalancerAttributes","elasticloadbalancing:DescribeListeners","elasticloadbalancing:DescribeListenerCertificates","elasticloadbalancing:DescribeSSLPolicies","elasticloadbalancing:DescribeRules","elasticloadbalancing:DescribeTargetGroups","elasticloadbalancing:DescribeTargetGroupAttributes","elasticloadbalancing:DescribeTargetHealth","elasticloadbalancing:DescribeTags","elasticloadbalancing:DescribeTrustStores","cognito-idp:DescribeUserPoolClient","acm:ListCertificates","acm:DescribeCertificate","iam:ListServerCertificates","iam:GetServerCertificate","waf-regional:GetWebACL","waf-regional:GetWebACLForResource","waf-regional:AssociateWebACL","waf-regional:DisassociateWebACL","wafv2:GetWebACL","wafv2:GetWebACLForResource","wafv2:AssociateWebACL","wafv2:DisassociateWebACL","shield:GetSubscriptionState","shield:DescribeProtection","shield:CreateProtection","shield:DeleteProtection","ec2:AuthorizeSecurityGroupIngress","ec2:RevokeSecurityGroupIngress","ec2:CreateSecurityGroup","ec2:CreateTags","ec2:DeleteTags","ec2:DeleteSecurityGroup","elasticloadbalancing:CreateLoadBalancer","elasticloadbalancing:CreateTargetGroup","elasticloadbalancing:CreateListener","elasticloadbalancing:DeleteListener","elasticloadbalancing:CreateRule","elasticloadbalancing:DeleteRule","elasticloadbalancing:AddTags","elasticloadbalancing:RemoveTags","elasticloadbalancing:ModifyLoadBalancerAttributes","elasticloadbalancing:SetIpAddressType","elasticloadbalancing:SetSecurityGroups","elasticloadbalancing:SetSubnets","elasticloadbalancing:DeleteLoadBalancer","elasticloadbalancing:ModifyTargetGroup","elasticloadbalancing:ModifyTargetGroupAttributes","elasticloadbalancing:DeleteTargetGroup","elasticloadbalancing:RegisterTargets","elasticloadbalancing:DeregisterTargets","elasticloadbalancing:SetWebAcl","elasticloadbalancing:ModifyListener","elasticloadbalancing:AddListenerCertificates","elasticloadbalancing:RemoveListenerCertificates","elasticloadbalancing:ModifyRule"]},"effect":{"constant_value":"Allow"},"resources":{"constant_value":["*"]}},{"actions":{"constant_value":["ec2:CreateSecurityGroup"]},"effect":{"constant_value":"Allow"},"resources":{"constant_value":["*"]}},{"actions":{"constant_value":["ec2:CreateTags"]},"condition":[{"test":{"constant_value":"StringEquals"},"values":{"constant_value":["CreateSecurityGroup"]},"variable":{"constant_value":"ec2:CreateAction"}},{"test":{"constant_value":"Null"},"values":{"constant_value":["false"]},"variable":{"constant_value":"aws:RequestTag/elbv2.k8s.aws/cluster"}}],"effect":{"constant_value":"Allow"},"resources":{"constant_value":["arn:aws:ec2:*:*:security-group/*"]}},{"actions":{"constant_value":["ec2:CreateTags","ec2:DeleteTags"]},"condition":[{"test":{"constant_value":"Null"},"values":{"constant_value":["true"]},"variable":{"constant_value":"aws:RequestTag/elbv2.k8s.aws/cluster"}},{"test":{"constant_value":"Null"},"values":{"constant_value":["false"]},"variable":{"constant_value":"aws:ResourceTag/elbv2.k8s.aws/cluster"}}],"effect":{"constant_value":"Allow"},"resources":{"constant_value":["arn:aws:ec2:*:*:security-group/*"]}},{"actions":{"constant_value":["ec2:AuthorizeSecurityGroupIngress","ec2:RevokeSecurityGroupIngress","ec2:DeleteSecurityGroup"]},"condition":[{"test":{"constant_value":"Null"},"values":{"constant_value":["false"]},"variable":{"constant_value":"aws:ResourceTag/elbv2.k8s.aws/cluster"}}],"effect":{"constant_value":"Allow"},"resources":{"constant_value":["*"]}},{"actions":{"constant_value":["elasticloadbalancing:CreateLoadBalancer","elasticloadbalancing:CreateTargetGroup"]},"condition":[{"test":{"constant_value":"Null"},"values":{"constant_value":["false"]},"variable":{"constant_value":"aws:RequestTag/elbv2.k8s.aws/cluster"}}],"effect":{"constant_value":"Allow"},"resources":{"constant_value":["*"]}},{"actions":{"constant_value":["elasticloadbalancing:CreateListener","elasticloadbalancing:DeleteListener","elasticloadbalancing:CreateRule","elasticloadbalancing:DeleteRule"]},"effect":{"constant_value":"Allow"},"resources":{"constant_value":["*"]}},{"actions":{"constant_value":["elasticloadbalancing:AddTags","elasticloadbalancing:RemoveTags"]},"condition":[{"test":{"constant_value":"Null"},"values":{"constant_value":["true"]},"variable":{"constant_value":"aws:RequestTag/elbv2.k8s.aws/cluster"}},{"test":{"constant_value":"Null"},"values":{"constant_value":["false"]},"variable":{"constant_value":"aws:ResourceTag/elbv2.k8s.aws/cluster"}}],"effect":{"constant_value":"Allow"},"resources":{"constant_value":["arn:aws:elasticloadbalancing:*:*:targetgroup/*/*","arn:aws:elasticloadbalancing:*:*:loadbalancer/net/*/*","arn:aws:elasticloadbalancing:*:*:loadbalancer/app/*/*"]}},{"actions":{"constant_value":["elasticloadbalancing:AddTags","elasticloadbalancing:RemoveTags"]},"effect":{"constant_value":"Allow"},"resources":{"constant_value":["arn:aws:elasticloadbalancing:*:*:listener/net/*/*/*","arn:aws:elasticloadbalancing:*:*:listener/app/*/*/*","arn:aws:elasticloadbalancing:*:*:listener-rule/net/*/*/*","arn:aws:elasticloadbalancing:*:*:listener-rule/app/*/*/*"]}},{"actions":{"constant_value":["elasticloadbalancing:ModifyLoadBalancerAttributes","elasticloadbalancing:SetIpAddressType","elasticloadbalancing:SetSecurityGroups","elasticloadbalancing:SetSubnets","elasticloadbalancing:DeleteLoadBalancer","elasticloadbalancing:ModifyTargetGroup","elasticloadbalancing:ModifyTargetGroupAttributes","elasticloadbalancing:DeleteTargetGroup"]},"condition":[{"test":{"constant_value":"Null"},"values":{"constant_value":["false"]},"variable":{"constant_value":"aws:ResourceTag/elbv2.k8s.aws/cluster"}}],"effect":{"constant_value":"Allow"},"resources":{"constant_value":["*"]}},{"actions":{"constant_value":["elasticloadbalancing:AddTags"]},"condition":[{"test":{"constant_value":"StringEquals"},"values":{"constant_value":["CreateTargetGroup","CreateLoadBalancer"]},"variable":{"constant_value":"elasticloadbalancing:CreateAction"}},{"test":{"constant_value":"Null"},"values":{"constant_value":["false"]},"variable":{"constant_value":"aws:RequestTag/elbv2.k8s.aws/cluster"}}],"effect":{"constant_value":"Allow"},"resources":{"constant_value":["arn:aws:elasticloadbalancing:*:*:targetgroup/*/*","arn:aws:elasticloadbalancing:*:*:loadbalancer/net/*/*","arn:aws:elasticloadbalancing:*:*:loadbalancer/app/*/*"]}},{"actions":{"constant_value":["elasticloadbalancing:RegisterTargets","elasticloadbalancing:DeregisterTargets"]},"effect":{"constant_value":"Allow"},"resources":{"constant_value":["arn:aws:elasticloadbalancing:*:*:targetgroup/*/*"]}},{"actions":{"constant_value":["elasticloadbalancing:SetWebAcl","elasticloadbalancing:ModifyListener","elasticloadbalancing:AddListenerCertificates","elasticloadbalancing:RemoveListenerCertificates","elasticloadbalancing:ModifyRule"]},"effect":{"constant_value":"Allow"},"resources":{"constant_value":["*"]}}],"version":{"constant_value":"2012-10-17"}},"schema_version":0},{"address":"data.aws_iam_policy_document.eks_alb_assume_role_policy","mode":"data","type":"aws_iam_policy_document","name":"eks_alb_assume_role_policy","provider_config_key":"aws","expressions":{"statement":[{"actions":{"constant_value":["sts:AssumeRoleWithWebIdentity"]},"condition":[{"test":{"constant_value":"StringEquals"},"values":{"constant_value":["system:serviceaccount:kube-system:aws-load-balancer-controller"]},"variable":{"references":["aws_iam_openid_connect_provider.eks.url","aws_iam_openid_connect_provider.eks"]}},{"test":{"constant_value":"StringEquals"},"values":{"constant_value":["sts.amazonaws.com"]},"variable":{"references":["aws_iam_openid_connect_provider.eks.url","aws_iam_openid_connect_provider.eks"]}}],"effect":{"constant_value":"Allow"},"principals":[{"identifiers":{"references":["aws_iam_openid_connect_provider.eks.arn","aws_iam_openid_connect_provider.eks"]},"type":{"constant_value":"Federated"}}]}]},"schema_version":0},{"address":"data.aws_iam_policy_document.eks_assume_role_permissions","mode":"data","type":"aws_iam_policy_document","name":"eks_assume_role_permissions","provider_config_key":"aws","expressions":{"statement":[{"actions":{"constant_value":["sts:AssumeRole"]},"effect":{"constant_value":"Allow"},"principals":[{"identifiers":{"constant_value":["eks.amazonaws.com"]},"type":{"constant_value":"Service"}}],"sid":{"constant_value":"EKSAssumeRole"}}]},"schema_version":0},{"address":"data.aws_iam_policy_document.eks_service_account_secret_permissions","mode":"data","type":"aws_iam_policy_document","name":"eks_service_account_secret_permissions","provider_config_key":"aws","expressions":{"statement":[{"actions":{"constant_value":["secretsmanager:DescribeSecret","secretsmanager:GetSecretValue"]},"effect":{"constant_value":"Allow"},"resources":{"references":["var.region","var.aws_account_id","var.secret"]},"sid":{"constant_value":"EKSServiceAccountSecretPermissions"}}]},"schema_version":0},{"address":"data.aws_iam_policy_document.eks_worker_node_assume_role_permissions","mode":"data","type":"aws_iam_policy_document","name":"eks_worker_node_assume_role_permissions","provider_config_key":"aws","expressions":{"statement":[{"actions":{"constant_value":["sts:AssumeRole"]},"effect":{"constant_value":"Allow"},"principals":[{"identifiers":{"constant_value":["ec2.amazonaws.com"]},"type":{"constant_value":"Service"}}],"sid":{"constant_value":"EKSWorkerNodeAssumeRole"}}]},"schema_version":0},{"address":"data.aws_iam_policy_document.oidc_assume_role_policy","mode":"data","type":"aws_iam_policy_document","name":"oidc_assume_role_policy","provider_config_key":"aws","expressions":{"statement":[{"actions":{"constant_value":["sts:AssumeRoleWithWebIdentity"]},"condition":[{"test":{"constant_value":"StringEquals"},"values":{"constant_value":["system:serviceaccount:prod:secret-service-account"]},"variable":{"references":["aws_iam_openid_connect_provider.eks.url","aws_iam_openid_connect_provider.eks"]}},{"test":{"constant_value":"StringEquals"},"values":{"constant_value":["sts.amazonaws.com"]},"variable":{"references":["aws_iam_openid_connect_provider.eks.url","aws_iam_openid_connect_provider.eks"]}}],"effect":{"constant_value":"Allow"},"principals":[{"identifiers":{"references":["aws_iam_openid_connect_provider.eks.arn","aws_iam_openid_connect_provider.eks"]},"type":{"constant_value":"Federated"}}]}]},"schema_version":0},{"address":"data.tls_certificate.eks_oidc_url","mode":"data","type":"tls_certificate","name":"eks_oidc_url","provider_config_key":"tls","expressions":{"url":{"references":["aws_eks_cluster.eks_cluster.identity[0].oidc[0].issuer","aws_eks_cluster.eks_cluster.identity[0].oidc[0]","aws_eks_cluster.eks_cluster.identity[0].oidc","aws_eks_cluster.eks_cluster.identity[0]","aws_eks_cluster.eks_cluster.identity","aws_eks_cluster.eks_cluster"]}},"schema_version":0}],"variables":{"aws_account_id":{"default":"AWS_ACCOUNT_ID"},"aws_managed_key_id_secrets_manager":{"default":"AWS_MANAGED_KEY_ID"},"private_subnet_cidrs":{"default":["10.0.3.0/24","10.0.4.0/24"]},"public_subnet_cidrs":{"default":["10.0.1.0/24","10.0.2.0/24"]},"region":{"default":"us-east-1"},"secret":{"default":"python-weather-app/api-key-######"},"tags":{"default":{"Application":"Python Weather Application","Environment":"Production","Github_Repo":"ACCOUNT/REPO_NAME","IaC":"Terraform"},"description":"mutual tags for all resources"},"tf_state_bucket":{"default":"STATE_BUCKET_NAME"}}}},"relevant_attributes":[{"resource":"data.aws_iam_policy_document.oidc_assume_role_policy","attribute":["json"]},{"resource":"data.aws_iam_policy_document.eks_alb_assume_role_policy","attribute":["json"]},{"resource":"aws_iam_role.eks_loadbalancer_controller_role","attribute":["name"]},{"resource":"aws_iam_role.eks_oidc_role","attribute":["name"]},{"resource":"aws_eks_cluster.eks_cluster","attribute":["name"]},{"resource":"aws_internet_gateway.eks_internet_gateway","attribute":["id"]},{"resource":"aws_route_table.eks_private_route_tables","attribute":[]},{"resource":"aws_iam_policy.eks_service_account_secret_policy","attribute":["arn"]},{"resource":"data.aws_availability_zones.eks_azs","attribute":["names"]},{"resource":"aws_security_group.eks_controlplane_security_group","attribute":["id"]},{"resource":"data.tls_certificate.eks_oidc_url","attribute":["certificates",0,"sha1_fingerprint"]},{"resource":"data.aws_iam_policy_document.eks_service_account_secret_permissions","attribute":["json"]},{"resource":"data.aws_iam_policy_document.alb_controller_permissions","attribute":["json"]},{"resource":"aws_iam_role.eks_role","attribute":["name"]},{"resource":"aws_eks_cluster.eks_cluster","attribute":["identity",0,"oidc",0,"issuer"]},{"resource":"aws_iam_openid_connect_provider.eks","attribute":["arn"]},{"resource":"aws_iam_openid_connect_provider.eks","attribute":["url"]},{"resource":"aws_nat_gateway.eks_nat_gateways","attribute":[]},{"resource":"data.aws_iam_policy_document.eks_assume_role_permissions","attribute":["json"]},{"resource":"data.aws_iam_policy_document.eks_worker_node_assume_role_permissions","attribute":["json"]},{"resource":"aws_iam_role.eks_role","attribute":["arn"]},{"resource":"aws_subnet.eks_public_subnets","attribute":[]},{"resource":"aws_vpc.eks_vpc","attribute":["id"]},{"resource":"aws_route_table.eks_public_route_table","attribute":["id"]},{"resource":"aws_eip.eks_eips","attribute":[]},{"resource":"aws_iam_policy.alb_controller_policy","attribute":["arn"]},{"resource":"aws_s3_bucket.eks_terraform_tfstate_bucket","attribute":["id"]},{"resource":"aws_iam_role.eks_worker_node_role","attribute":["name"]},{"resource":"aws_iam_role.eks_worker_node_role","attribute":["arn"]},{"resource":"aws_subnet.eks_private_subnets","attribute":[]}],"timestamp":"2026-01-19T12:52:31Z","applyable":true,"complete":true,"errored":false}
