{"format_version":"1.2","terraform_version":"1.13.5","variables":{"app_name":{"value":"mongodb-aws-ecs"},"assign_public_ip":{"value":true},"aws_region":{"value":"us-east-1"},"container_image":{"value":"ai-basis-tf"},"create_task_execution_role":{"value":true},"execution_role_arn":{"value":null},"mongodb_uri":{"value":"ai-basis-tf"},"security_group_ids":{"value":[]},"subnet_ids":{"value":[]}},"planned_values":{"outputs":{"cloudwatch_log_group_name":{"sensitive":false,"type":"string","value":"/ecs/mongodb-aws-ecs"},"default_vpc_id":{"sensitive":false,"type":"string","value":"vpc-57b112c5b17f5b3d7"},"ecs_cluster_name":{"sensitive":false,"type":"string","value":"mongodb-aws-ecs"},"ecs_service_name":{"sensitive":false,"type":"string","value":"mongodb-aws-ecs"}},"root_module":{"resources":[{"address":"aws_cloudwatch_log_group.app","mode":"managed","type":"aws_cloudwatch_log_group","name":"app","provider_name":"registry.terraform.io/hashicorp/aws","schema_version":0,"values":{"kms_key_id":null,"name":"/ecs/mongodb-aws-ecs","region":"us-east-1","retention_in_days":7,"skip_destroy":false,"tags":null,"tags_all":{"Application":"mongodb-aws-ecs","ManagedBy":"terraform"}},"sensitive_values":{"tags_all":{}},"identity_schema_version":0,"identity":{"account_id":null,"name":null,"region":null}},{"address":"aws_ecs_cluster.this","mode":"managed","type":"aws_ecs_cluster","name":"this","provider_name":"registry.terraform.io/hashicorp/aws","schema_version":0,"values":{"configuration":[],"name":"mongodb-aws-ecs","region":"us-east-1","service_connect_defaults":[],"tags":null,"tags_all":{"Application":"mongodb-aws-ecs","ManagedBy":"terraform"}},"sensitive_values":{"configuration":[],"service_connect_defaults":[],"setting":[],"tags_all":{}}},{"address":"aws_ecs_service.this","mode":"managed","type":"aws_ecs_service","name":"this","provider_name":"registry.terraform.io/hashicorp/aws","schema_version":1,"values":{"alarms":[],"capacity_provider_strategy":[],"deployment_circuit_breaker":[],"deployment_controller":[],"deployment_maximum_percent":200,"deployment_minimum_healthy_percent":100,"desired_count":1,"enable_ecs_managed_tags":false,"enable_execute_command":false,"force_delete":null,"force_new_deployment":null,"health_check_grace_period_seconds":null,"launch_type":"FARGATE","load_balancer":[],"name":"mongodb-aws-ecs","network_configuration":[{"assign_public_ip":true,"security_groups":null,"subnets":["subnet-02784452a7f0ab58b","subnet-11f490d2f5944f81d","subnet-1a76f6a9b87c6bc4e","subnet-62b1d0d8d506bcdff","subnet-e2c01c024f10845ec","subnet-e6373612056a3ef20"]}],"ordered_placement_strategy":[],"placement_constraints":[],"propagate_tags":null,"region":"us-east-1","scheduling_strategy":"REPLICA","service_connect_configuration":[],"service_registries":[],"sigint_rollback":null,"tags":null,"tags_all":{"Application":"mongodb-aws-ecs","ManagedBy":"terraform"},"timeouts":null,"volume_configuration":[],"vpc_lattice_configurations":[],"wait_for_steady_state":false},"sensitive_values":{"alarms":[],"capacity_provider_strategy":[],"deployment_circuit_breaker":[],"deployment_configuration":[],"deployment_controller":[],"load_balancer":[],"network_configuration":[{"subnets":[false,false,false,false,false,false]}],"ordered_placement_strategy":[],"placement_constraints":[],"service_connect_configuration":[],"service_registries":[],"tags_all":{},"triggers":{},"volume_configuration":[],"vpc_lattice_configurations":[]}},{"address":"aws_ecs_task_definition.this","mode":"managed","type":"aws_ecs_task_definition","name":"this","provider_name":"registry.terraform.io/hashicorp/aws","schema_version":1,"values":{"container_definitions":"[{\"environment\":[{\"name\":\"MONGODB_URI\",\"value\":\"ai-basis-tf\"}],\"essential\":true,\"image\":\"ai-basis-tf\",\"logConfiguration\":{\"logDriver\":\"awslogs\",\"options\":{\"awslogs-group\":\"/ecs/mongodb-aws-ecs\",\"awslogs-region\":\"us-east-1\",\"awslogs-stream-prefix\":\"ecs\"}},\"name\":\"mongodb-aws-ecs\"}]","cpu":"256","ephemeral_storage":[],"family":"mongodb-aws-ecs","ipc_mode":null,"memory":"512","network_mode":"awsvpc","pid_mode":null,"placement_constraints":[],"proxy_configuration":[],"region":"us-east-1","requires_compatibilities":["FARGATE"],"runtime_platform":[],"skip_destroy":false,"tags":null,"tags_all":{"Application":"mongodb-aws-ecs","ManagedBy":"terraform"},"task_role_arn":null,"track_latest":false,"volume":[]},"sensitive_values":{"container_definitions":true,"ephemeral_storage":[],"placement_constraints":[],"proxy_configuration":[],"requires_compatibilities":[false],"runtime_platform":[],"tags_all":{},"volume":[]}},{"address":"aws_iam_role.task_execution[0]","mode":"managed","type":"aws_iam_role","name":"task_execution","index":0,"provider_name":"registry.terraform.io/hashicorp/aws","schema_version":0,"values":{"assume_role_policy":"{\"Statement\":[{\"Action\":\"sts:AssumeRole\",\"Effect\":\"Allow\",\"Principal\":{\"Service\":\"ecs-tasks.amazonaws.com\"}}],\"Version\":\"2012-10-17\"}","description":null,"force_detach_policies":false,"max_session_duration":3600,"name":"mongodb-aws-ecs-task-exec","path":"/","permissions_boundary":null,"tags":null,"tags_all":{"Application":"mongodb-aws-ecs","ManagedBy":"terraform"}},"sensitive_values":{"inline_policy":[],"managed_policy_arns":[],"tags_all":{}},"identity_schema_version":0,"identity":{"account_id":null,"name":null}},{"address":"aws_iam_role_policy_attachment.task_execution[0]","mode":"managed","type":"aws_iam_role_policy_attachment","name":"task_execution","index":0,"provider_name":"registry.terraform.io/hashicorp/aws","schema_version":0,"values":{"policy_arn":"arn:aws:iam::aws:policy/service-role/AmazonECSTaskExecutionRolePolicy","role":"mongodb-aws-ecs-task-exec"},"sensitive_values":{},"identity_schema_version":0,"identity":{"account_id":null,"policy_arn":null,"role":null}}]}},"resource_changes":[{"address":"aws_cloudwatch_log_group.app","mode":"managed","type":"aws_cloudwatch_log_group","name":"app","provider_name":"registry.terraform.io/hashicorp/aws","change":{"actions":["create"],"before":null,"after":{"kms_key_id":null,"name":"/ecs/mongodb-aws-ecs","region":"us-east-1","retention_in_days":7,"skip_destroy":false,"tags":null,"tags_all":{"Application":"mongodb-aws-ecs","ManagedBy":"terraform"}},"after_unknown":{"arn":true,"deletion_protection_enabled":true,"id":true,"log_group_class":true,"name_prefix":true,"tags_all":{}},"before_sensitive":false,"after_sensitive":{"tags_all":{}},"after_identity":{"account_id":null,"name":null,"region":null}}},{"address":"aws_ecs_cluster.this","mode":"managed","type":"aws_ecs_cluster","name":"this","provider_name":"registry.terraform.io/hashicorp/aws","change":{"actions":["create"],"before":null,"after":{"configuration":[],"name":"mongodb-aws-ecs","region":"us-east-1","service_connect_defaults":[],"tags":null,"tags_all":{"Application":"mongodb-aws-ecs","ManagedBy":"terraform"}},"after_unknown":{"arn":true,"configuration":[],"id":true,"service_connect_defaults":[],"setting":true,"tags_all":{}},"before_sensitive":false,"after_sensitive":{"configuration":[],"service_connect_defaults":[],"setting":[],"tags_all":{}}}},{"address":"aws_ecs_service.this","mode":"managed","type":"aws_ecs_service","name":"this","provider_name":"registry.terraform.io/hashicorp/aws","change":{"actions":["create"],"before":null,"after":{"alarms":[],"capacity_provider_strategy":[],"deployment_circuit_breaker":[],"deployment_controller":[],"deployment_maximum_percent":200,"deployment_minimum_healthy_percent":100,"desired_count":1,"enable_ecs_managed_tags":false,"enable_execute_command":false,"force_delete":null,"force_new_deployment":null,"health_check_grace_period_seconds":null,"launch_type":"FARGATE","load_balancer":[],"name":"mongodb-aws-ecs","network_configuration":[{"assign_public_ip":true,"security_groups":null,"subnets":["subnet-02784452a7f0ab58b","subnet-11f490d2f5944f81d","subnet-1a76f6a9b87c6bc4e","subnet-62b1d0d8d506bcdff","subnet-e2c01c024f10845ec","subnet-e6373612056a3ef20"]}],"ordered_placement_strategy":[],"placement_constraints":[],"propagate_tags":null,"region":"us-east-1","scheduling_strategy":"REPLICA","service_connect_configuration":[],"service_registries":[],"sigint_rollback":null,"tags":null,"tags_all":{"Application":"mongodb-aws-ecs","ManagedBy":"terraform"},"timeouts":null,"volume_configuration":[],"vpc_lattice_configurations":[],"wait_for_steady_state":false},"after_unknown":{"alarms":[],"arn":true,"availability_zone_rebalancing":true,"capacity_provider_strategy":[],"cluster":true,"deployment_circuit_breaker":[],"deployment_configuration":true,"deployment_controller":[],"iam_role":true,"id":true,"load_balancer":[],"network_configuration":[{"subnets":[false,false,false,false,false,false]}],"ordered_placement_strategy":[],"placement_constraints":[],"platform_version":true,"service_connect_configuration":[],"service_registries":[],"tags_all":{},"task_definition":true,"triggers":true,"volume_configuration":[],"vpc_lattice_configurations":[]},"before_sensitive":false,"after_sensitive":{"alarms":[],"capacity_provider_strategy":[],"deployment_circuit_breaker":[],"deployment_configuration":[],"deployment_controller":[],"load_balancer":[],"network_configuration":[{"subnets":[false,false,false,false,false,false]}],"ordered_placement_strategy":[],"placement_constraints":[],"service_connect_configuration":[],"service_registries":[],"tags_all":{},"triggers":{},"volume_configuration":[],"vpc_lattice_configurations":[]}}},{"address":"aws_ecs_task_definition.this","mode":"managed","type":"aws_ecs_task_definition","name":"this","provider_name":"registry.terraform.io/hashicorp/aws","change":{"actions":["create"],"before":null,"after":{"container_definitions":"[{\"environment\":[{\"name\":\"MONGODB_URI\",\"value\":\"ai-basis-tf\"}],\"essential\":true,\"image\":\"ai-basis-tf\",\"logConfiguration\":{\"logDriver\":\"awslogs\",\"options\":{\"awslogs-group\":\"/ecs/mongodb-aws-ecs\",\"awslogs-region\":\"us-east-1\",\"awslogs-stream-prefix\":\"ecs\"}},\"name\":\"mongodb-aws-ecs\"}]","cpu":"256","ephemeral_storage":[],"family":"mongodb-aws-ecs","ipc_mode":null,"memory":"512","network_mode":"awsvpc","pid_mode":null,"placement_constraints":[],"proxy_configuration":[],"region":"us-east-1","requires_compatibilities":["FARGATE"],"runtime_platform":[],"skip_destroy":false,"tags":null,"tags_all":{"Application":"mongodb-aws-ecs","ManagedBy":"terraform"},"task_role_arn":null,"track_latest":false,"volume":[]},"after_unknown":{"arn":true,"arn_without_revision":true,"enable_fault_injection":true,"ephemeral_storage":[],"execution_role_arn":true,"id":true,"placement_constraints":[],"proxy_configuration":[],"requires_compatibilities":[false],"revision":true,"runtime_platform":[],"tags_all":{},"volume":[]},"before_sensitive":false,"after_sensitive":{"container_definitions":true,"ephemeral_storage":[],"placement_constraints":[],"proxy_configuration":[],"requires_compatibilities":[false],"runtime_platform":[],"tags_all":{},"volume":[]}}},{"address":"aws_iam_role.task_execution[0]","mode":"managed","type":"aws_iam_role","name":"task_execution","index":0,"provider_name":"registry.terraform.io/hashicorp/aws","change":{"actions":["create"],"before":null,"after":{"assume_role_policy":"{\"Statement\":[{\"Action\":\"sts:AssumeRole\",\"Effect\":\"Allow\",\"Principal\":{\"Service\":\"ecs-tasks.amazonaws.com\"}}],\"Version\":\"2012-10-17\"}","description":null,"force_detach_policies":false,"max_session_duration":3600,"name":"mongodb-aws-ecs-task-exec","path":"/","permissions_boundary":null,"tags":null,"tags_all":{"Application":"mongodb-aws-ecs","ManagedBy":"terraform"}},"after_unknown":{"arn":true,"create_date":true,"id":true,"inline_policy":true,"managed_policy_arns":true,"name_prefix":true,"tags_all":{},"unique_id":true},"before_sensitive":false,"after_sensitive":{"inline_policy":[],"managed_policy_arns":[],"tags_all":{}},"after_identity":{"account_id":null,"name":null}}},{"address":"aws_iam_role_policy_attachment.task_execution[0]","mode":"managed","type":"aws_iam_role_policy_attachment","name":"task_execution","index":0,"provider_name":"registry.terraform.io/hashicorp/aws","change":{"actions":["create"],"before":null,"after":{"policy_arn":"arn:aws:iam::aws:policy/service-role/AmazonECSTaskExecutionRolePolicy","role":"mongodb-aws-ecs-task-exec"},"after_unknown":{"id":true},"before_sensitive":false,"after_sensitive":{},"after_identity":{"account_id":null,"policy_arn":null,"role":null}}}],"output_changes":{"cloudwatch_log_group_name":{"actions":["create"],"before":null,"after":"/ecs/mongodb-aws-ecs","after_unknown":false,"before_sensitive":false,"after_sensitive":false},"default_vpc_id":{"actions":["create"],"before":null,"after":"vpc-57b112c5b17f5b3d7","after_unknown":false,"before_sensitive":false,"after_sensitive":false},"ecs_cluster_name":{"actions":["create"],"before":null,"after":"mongodb-aws-ecs","after_unknown":false,"before_sensitive":false,"after_sensitive":false},"ecs_service_name":{"actions":["create"],"before":null,"after":"mongodb-aws-ecs","after_unknown":false,"before_sensitive":false,"after_sensitive":false}},"prior_state":{"format_version":"1.0","terraform_version":"1.13.5","values":{"outputs":{"cloudwatch_log_group_name":{"sensitive":false,"value":"/ecs/mongodb-aws-ecs","type":"string"},"default_vpc_id":{"sensitive":false,"value":"vpc-57b112c5b17f5b3d7","type":"string"},"ecs_cluster_name":{"sensitive":false,"value":"mongodb-aws-ecs","type":"string"},"ecs_service_name":{"sensitive":false,"value":"mongodb-aws-ecs","type":"string"}},"root_module":{"resources":[{"address":"data.aws_iam_policy_document.ecs_task_assume","mode":"data","type":"aws_iam_policy_document","name":"ecs_task_assume","provider_name":"registry.terraform.io/hashicorp/aws","schema_version":0,"values":{"id":"1077804475","json":"{\n  \"Version\": \"2012-10-17\",\n  \"Statement\": [\n    {\n      \"Effect\": \"Allow\",\n      \"Action\": \"sts:AssumeRole\",\n      \"Principal\": {\n        \"Service\": \"ecs-tasks.amazonaws.com\"\n      }\n    }\n  ]\n}","minified_json":"{\"Version\":\"2012-10-17\",\"Statement\":[{\"Effect\":\"Allow\",\"Action\":\"sts:AssumeRole\",\"Principal\":{\"Service\":\"ecs-tasks.amazonaws.com\"}}]}","override_json":null,"override_policy_documents":null,"policy_id":null,"source_json":null,"source_policy_documents":null,"statement":[{"actions":["sts:AssumeRole"],"condition":[],"effect":"Allow","not_actions":[],"not_principals":[],"not_resources":[],"principals":[{"identifiers":["ecs-tasks.amazonaws.com"],"type":"Service"}],"resources":[],"sid":""}],"version":"2012-10-17"},"sensitive_values":{"statement":[{"actions":[false],"condition":[],"not_actions":[],"not_principals":[],"not_resources":[],"principals":[{"identifiers":[false]}],"resources":[]}]}},{"address":"data.aws_region.current","mode":"data","type":"aws_region","name":"current","provider_name":"registry.terraform.io/hashicorp/aws","schema_version":0,"values":{"description":"US East (N. Virginia)","endpoint":"ec2.us-east-1.amazonaws.com","id":"us-east-1","name":"us-east-1","region":"us-east-1"},"sensitive_values":{}},{"address":"data.aws_subnets.default","mode":"data","type":"aws_subnets","name":"default","provider_name":"registry.terraform.io/hashicorp/aws","schema_version":0,"values":{"filter":[{"name":"vpc-id","values":["vpc-57b112c5b17f5b3d7"]}],"id":"us-east-1","ids":["subnet-e6373612056a3ef20","subnet-1a76f6a9b87c6bc4e","subnet-11f490d2f5944f81d","subnet-e2c01c024f10845ec","subnet-62b1d0d8d506bcdff","subnet-02784452a7f0ab58b"],"region":"us-east-1","tags":null,"timeouts":null},"sensitive_values":{"filter":[{"values":[false]}],"ids":[false,false,false,false,false,false]}},{"address":"data.aws_vpc.default","mode":"data","type":"aws_vpc","name":"default","provider_name":"registry.terraform.io/hashicorp/aws","schema_version":0,"values":{"arn":"arn:aws:ec2:us-east-1:000000000000:vpc/vpc-57b112c5b17f5b3d7","cidr_block":"172.31.0.0/16","cidr_block_associations":[{"association_id":"vpc-cidr-assoc-dc1c14ae58ee665ab","cidr_block":"172.31.0.0/16","state":"associated"}],"default":true,"dhcp_options_id":"default","enable_dns_hostnames":true,"enable_dns_support":true,"enable_network_address_usage_metrics":false,"filter":null,"id":"vpc-57b112c5b17f5b3d7","instance_tenancy":"default","ipv6_association_id":"","ipv6_cidr_block":"","main_route_table_id":"rtb-bb8b335d4bdd119f4","owner_id":"000000000000","region":"us-east-1","state":null,"tags":{},"timeouts":null},"sensitive_values":{"cidr_block_associations":[{}],"tags":{}}}]}}},"configuration":{"provider_config":{"aws":{"name":"aws","full_name":"registry.terraform.io/hashicorp/aws","version_constraint":"\u003e= 5.0.0","expressions":{"default_tags":[{"tags":{"references":["var.app_name"]}}],"region":{"references":["var.aws_region"]}}}},"root_module":{"outputs":{"cloudwatch_log_group_name":{"expression":{"references":["aws_cloudwatch_log_group.app.name","aws_cloudwatch_log_group.app"]},"description":"CloudWatch log group for container logs"},"default_vpc_id":{"expression":{"references":["data.aws_vpc.default.id","data.aws_vpc.default"]},"description":"Default VPC used when subnet_ids not provided"},"ecs_cluster_name":{"expression":{"references":["aws_ecs_cluster.this.name","aws_ecs_cluster.this"]},"description":"ECS cluster name"},"ecs_service_name":{"expression":{"references":["aws_ecs_service.this.name","aws_ecs_service.this"]},"description":"ECS service name"}},"resources":[{"address":"aws_cloudwatch_log_group.app","mode":"managed","type":"aws_cloudwatch_log_group","name":"app","provider_config_key":"aws","expressions":{"name":{"references":["local.name_prefix"]},"retention_in_days":{"constant_value":7}},"schema_version":0},{"address":"aws_ecs_cluster.this","mode":"managed","type":"aws_ecs_cluster","name":"this","provider_config_key":"aws","expressions":{"name":{"references":["local.name_prefix"]}},"schema_version":0},{"address":"aws_ecs_service.this","mode":"managed","type":"aws_ecs_service","name":"this","provider_config_key":"aws","expressions":{"cluster":{"references":["aws_ecs_cluster.this.id","aws_ecs_cluster.this"]},"desired_count":{"constant_value":1},"launch_type":{"constant_value":"FARGATE"},"name":{"references":["local.name_prefix"]},"network_configuration":[{"assign_public_ip":{"references":["var.assign_public_ip"]},"security_groups":{"references":["var.security_group_ids"]},"subnets":{"references":["local.effective_subnet_ids"]}}],"task_definition":{"references":["aws_ecs_task_definition.this.arn","aws_ecs_task_definition.this"]}},"schema_version":1,"depends_on":["aws_iam_role_policy_attachment.task_execution"]},{"address":"aws_ecs_task_definition.this","mode":"managed","type":"aws_ecs_task_definition","name":"this","provider_config_key":"aws","expressions":{"container_definitions":{"references":["local.name_prefix","var.container_image","var.mongodb_uri","aws_cloudwatch_log_group.app.name","aws_cloudwatch_log_group.app","data.aws_region.current.region","data.aws_region.current"]},"cpu":{"constant_value":"256"},"execution_role_arn":{"references":["local.effective_execution_role_arn"]},"family":{"references":["local.name_prefix"]},"memory":{"constant_value":"512"},"network_mode":{"constant_value":"awsvpc"},"requires_compatibilities":{"constant_value":["FARGATE"]}},"schema_version":1},{"address":"aws_iam_role.task_execution","mode":"managed","type":"aws_iam_role","name":"task_execution","provider_config_key":"aws","expressions":{"assume_role_policy":{"references":["data.aws_iam_policy_document.ecs_task_assume.json","data.aws_iam_policy_document.ecs_task_assume"]},"name":{"references":["local.name_prefix"]}},"schema_version":0,"count_expression":{"references":["var.create_task_execution_role"]}},{"address":"aws_iam_role_policy_attachment.task_execution","mode":"managed","type":"aws_iam_role_policy_attachment","name":"task_execution","provider_config_key":"aws","expressions":{"policy_arn":{"constant_value":"arn:aws:iam::aws:policy/service-role/AmazonECSTaskExecutionRolePolicy"},"role":{"references":["aws_iam_role.task_execution[0].name","aws_iam_role.task_execution[0]","aws_iam_role.task_execution"]}},"schema_version":0,"count_expression":{"references":["var.create_task_execution_role"]}},{"address":"data.aws_iam_policy_document.ecs_task_assume","mode":"data","type":"aws_iam_policy_document","name":"ecs_task_assume","provider_config_key":"aws","expressions":{"statement":[{"actions":{"constant_value":["sts:AssumeRole"]},"effect":{"constant_value":"Allow"},"principals":[{"identifiers":{"constant_value":["ecs-tasks.amazonaws.com"]},"type":{"constant_value":"Service"}}]}]},"schema_version":0},{"address":"data.aws_region.current","mode":"data","type":"aws_region","name":"current","provider_config_key":"aws","expressions":{"region":{"references":["var.aws_region"]}},"schema_version":0},{"address":"data.aws_subnets.default","mode":"data","type":"aws_subnets","name":"default","provider_config_key":"aws","expressions":{"filter":[{"name":{"constant_value":"vpc-id"},"values":{"references":["data.aws_vpc.default.id","data.aws_vpc.default"]}}]},"schema_version":0},{"address":"data.aws_vpc.default","mode":"data","type":"aws_vpc","name":"default","provider_config_key":"aws","expressions":{"default":{"constant_value":true}},"schema_version":0}],"variables":{"app_name":{"default":"mongodb-aws-ecs","description":"Application name used for naming/tagging"},"assign_public_ip":{"default":true,"description":"Assign a public IP to the Fargate task (useful for reaching MongoDB Atlas without NAT)"},"aws_region":{"default":"us-east-1","description":"AWS region to deploy into"},"container_image":{"description":"Container image URI (e.g., ECR image)"},"create_task_execution_role":{"default":true,"description":"Whether to create an ECS task execution role (set false to use an existing role ARN)"},"execution_role_arn":{"default":null,"description":"Existing ECS task execution role ARN (used when create_task_execution_role=false)"},"mongodb_uri":{"description":"MongoDB Atlas connection string","sensitive":true},"security_group_ids":{"default":[],"description":"Security groups to attach to the ECS tasks"},"subnet_ids":{"default":[],"description":"Subnets for the ECS service (typically public subnets if assign_public_ip=true)"}}}},"relevant_attributes":[{"resource":"data.aws_region.current","attribute":["region"]},{"resource":"aws_cloudwatch_log_group.app","attribute":["name"]},{"resource":"aws_iam_role.task_execution[0]","attribute":["name"]},{"resource":"aws_ecs_service.this","attribute":["name"]},{"resource":"aws_ecs_task_definition.this","attribute":["arn"]},{"resource":"data.aws_iam_policy_document.ecs_task_assume","attribute":["json"]},{"resource":"aws_iam_role.task_execution[0]","attribute":["arn"]},{"resource":"aws_ecs_cluster.this","attribute":["id"]},{"resource":"data.aws_subnets.default","attribute":["ids"]},{"resource":"data.aws_vpc.default","attribute":["id"]},{"resource":"aws_ecs_cluster.this","attribute":["name"]}],"timestamp":"2026-01-26T23:25:25Z","applyable":true,"complete":true,"errored":false}
