{"format_version":"1.2","terraform_version":"1.13.5","variables":{"aws_region":{"value":"us-east-1"},"lambda_function_name":{"value":"ai-codegen-lambda"},"lambda_image_uri":{"value":"ai-tf"},"private_subnet_ids":{"value":[]},"s3_bucket_name":{"value":"ai-tf"},"vpc_id":{"value":"vpc-00000000"}},"planned_values":{"outputs":{"lambda_function_arn":{"sensitive":false},"lambda_function_name":{"sensitive":false,"type":"string","value":"ai-codegen-lambda"},"s3_bucket_name":{"sensitive":false,"type":"string","value":"ai-tf"}},"root_module":{"resources":[{"address":"aws_cloudwatch_log_group.lambda","mode":"managed","type":"aws_cloudwatch_log_group","name":"lambda","provider_name":"registry.terraform.io/hashicorp/aws","schema_version":0,"values":{"kms_key_id":null,"name":"/aws/lambda/ai-codegen-lambda","region":"us-east-1","retention_in_days":14,"skip_destroy":false,"tags":null},"sensitive_values":{"tags_all":{}},"identity_schema_version":0,"identity":{"account_id":null,"name":null,"region":null}},{"address":"aws_iam_role.lambda_exec","mode":"managed","type":"aws_iam_role","name":"lambda_exec","provider_name":"registry.terraform.io/hashicorp/aws","schema_version":0,"values":{"assume_role_policy":"{\"Statement\":[{\"Action\":\"sts:AssumeRole\",\"Effect\":\"Allow\",\"Principal\":{\"Service\":\"lambda.amazonaws.com\"}}],\"Version\":\"2012-10-17\"}","description":null,"force_detach_policies":false,"max_session_duration":3600,"name":"ai-codegen-lambda-exec-role","path":"/","permissions_boundary":null,"tags":null},"sensitive_values":{"inline_policy":[],"managed_policy_arns":[],"tags_all":{}},"identity_schema_version":0,"identity":{"account_id":null,"name":null}},{"address":"aws_iam_role_policy.lambda_policy","mode":"managed","type":"aws_iam_role_policy","name":"lambda_policy","provider_name":"registry.terraform.io/hashicorp/aws","schema_version":0,"values":{"name":"ai-codegen-lambda-policy"},"sensitive_values":{},"identity_schema_version":0,"identity":{"account_id":null,"name":null,"role":null}},{"address":"aws_lambda_function.main","mode":"managed","type":"aws_lambda_function","name":"main","provider_name":"registry.terraform.io/hashicorp/aws","schema_version":0,"values":{"capacity_provider_config":[],"code_signing_config_arn":null,"dead_letter_config":[],"description":null,"durable_config":[],"environment":[{"variables":{"S3_BUCKET":"ai-tf"}}],"file_system_config":[],"filename":null,"function_name":"ai-codegen-lambda","handler":null,"image_config":[],"image_uri":"ai-tf","kms_key_arn":null,"layers":null,"memory_size":512,"package_type":"Image","publish":false,"publish_to":null,"region":"us-east-1","replace_security_groups_on_destroy":null,"replacement_security_group_ids":null,"reserved_concurrent_executions":-1,"runtime":null,"s3_bucket":null,"s3_key":null,"s3_object_version":null,"skip_destroy":false,"snap_start":[],"source_kms_key_arn":null,"tags":null,"tenancy_config":[],"timeout":60,"timeouts":null,"vpc_config":[{"ipv6_allowed_for_dual_stack":false,"subnet_ids":null}]},"sensitive_values":{"architectures":[],"capacity_provider_config":[],"dead_letter_config":[],"durable_config":[],"environment":[{"variables":{}}],"ephemeral_storage":[],"file_system_config":[],"image_config":[],"logging_config":[],"snap_start":[],"tags_all":{},"tenancy_config":[],"tracing_config":[],"vpc_config":[{"security_group_ids":[]}]},"identity_schema_version":0,"identity":{"account_id":null,"function_name":null,"region":null}},{"address":"aws_s3_bucket.lambda_data","mode":"managed","type":"aws_s3_bucket","name":"lambda_data","provider_name":"registry.terraform.io/hashicorp/aws","schema_version":0,"values":{"bucket":"ai-tf","force_destroy":true,"region":"us-east-1","tags":{"Name":"ai-codegen-lambda-data"},"tags_all":{"Name":"ai-codegen-lambda-data"},"timeouts":null},"sensitive_values":{"cors_rule":[],"grant":[],"lifecycle_rule":[],"logging":[],"object_lock_configuration":[],"replication_configuration":[],"server_side_encryption_configuration":[],"tags":{},"tags_all":{},"versioning":[],"website":[]},"identity_schema_version":0,"identity":{"account_id":null,"bucket":null,"region":null}},{"address":"aws_security_group.lambda","mode":"managed","type":"aws_security_group","name":"lambda","provider_name":"registry.terraform.io/hashicorp/aws","schema_version":1,"values":{"description":"Security group for Lambda function","egress":[{"cidr_blocks":["0.0.0.0/0"],"description":"","from_port":0,"ipv6_cidr_blocks":[],"prefix_list_ids":[],"protocol":"-1","security_groups":[],"self":false,"to_port":0}],"name":"ai-codegen-lambda-sg","region":"us-east-1","revoke_rules_on_delete":false,"tags":null,"timeouts":null,"vpc_id":"vpc-00000000"},"sensitive_values":{"egress":[{"cidr_blocks":[false],"ipv6_cidr_blocks":[],"prefix_list_ids":[],"security_groups":[]}],"ingress":[],"tags_all":{}},"identity_schema_version":0,"identity":{"account_id":null,"id":null,"region":null}},{"address":"data.aws_iam_policy_document.lambda_policy","mode":"data","type":"aws_iam_policy_document","name":"lambda_policy","provider_name":"registry.terraform.io/hashicorp/aws","schema_version":0,"values":{"override_json":null,"override_policy_documents":null,"policy_id":null,"source_json":null,"source_policy_documents":null,"statement":[{"actions":["logs:CreateLogGroup","logs:CreateLogStream","logs:PutLogEvents"],"condition":[],"effect":null,"not_actions":null,"not_principals":[],"not_resources":null,"principals":[],"resources":["arn:aws:logs:*:*:*"],"sid":null},{"actions":["s3:GetObject","s3:ListBucket","s3:PutObject"],"condition":[],"effect":null,"not_actions":null,"not_principals":[],"not_resources":null,"principals":[],"resources":[null,null],"sid":null}],"version":null},"sensitive_values":{"statement":[{"actions":[false,false,false],"condition":[],"not_principals":[],"principals":[],"resources":[false]},{"actions":[false,false,false],"condition":[],"not_principals":[],"principals":[],"resources":[false,false]}]}}]}},"resource_changes":[{"address":"data.aws_iam_policy_document.lambda_policy","mode":"data","type":"aws_iam_policy_document","name":"lambda_policy","provider_name":"registry.terraform.io/hashicorp/aws","change":{"actions":["read"],"before":null,"after":{"override_json":null,"override_policy_documents":null,"policy_id":null,"source_json":null,"source_policy_documents":null,"statement":[{"actions":["logs:CreateLogGroup","logs:CreateLogStream","logs:PutLogEvents"],"condition":[],"effect":null,"not_actions":null,"not_principals":[],"not_resources":null,"principals":[],"resources":["arn:aws:logs:*:*:*"],"sid":null},{"actions":["s3:GetObject","s3:ListBucket","s3:PutObject"],"condition":[],"effect":null,"not_actions":null,"not_principals":[],"not_resources":null,"principals":[],"resources":[null,null],"sid":null}],"version":null},"after_unknown":{"id":true,"json":true,"minified_json":true,"statement":[{"actions":[false,false,false],"condition":[],"not_principals":[],"principals":[],"resources":[false]},{"actions":[false,false,false],"condition":[],"not_principals":[],"principals":[],"resources":[true,true]}]},"before_sensitive":false,"after_sensitive":{"statement":[{"actions":[false,false,false],"condition":[],"not_principals":[],"principals":[],"resources":[false]},{"actions":[false,false,false],"condition":[],"not_principals":[],"principals":[],"resources":[false,false]}]}},"action_reason":"read_because_config_unknown"},{"address":"aws_cloudwatch_log_group.lambda","mode":"managed","type":"aws_cloudwatch_log_group","name":"lambda","provider_name":"registry.terraform.io/hashicorp/aws","change":{"actions":["create"],"before":null,"after":{"kms_key_id":null,"name":"/aws/lambda/ai-codegen-lambda","region":"us-east-1","retention_in_days":14,"skip_destroy":false,"tags":null},"after_unknown":{"arn":true,"deletion_protection_enabled":true,"id":true,"log_group_class":true,"name_prefix":true,"tags_all":true},"before_sensitive":false,"after_sensitive":{"tags_all":{}},"after_identity":{"account_id":null,"name":null,"region":null}}},{"address":"aws_iam_role.lambda_exec","mode":"managed","type":"aws_iam_role","name":"lambda_exec","provider_name":"registry.terraform.io/hashicorp/aws","change":{"actions":["create"],"before":null,"after":{"assume_role_policy":"{\"Statement\":[{\"Action\":\"sts:AssumeRole\",\"Effect\":\"Allow\",\"Principal\":{\"Service\":\"lambda.amazonaws.com\"}}],\"Version\":\"2012-10-17\"}","description":null,"force_detach_policies":false,"max_session_duration":3600,"name":"ai-codegen-lambda-exec-role","path":"/","permissions_boundary":null,"tags":null},"after_unknown":{"arn":true,"create_date":true,"id":true,"inline_policy":true,"managed_policy_arns":true,"name_prefix":true,"tags_all":true,"unique_id":true},"before_sensitive":false,"after_sensitive":{"inline_policy":[],"managed_policy_arns":[],"tags_all":{}},"after_identity":{"account_id":null,"name":null}}},{"address":"aws_iam_role_policy.lambda_policy","mode":"managed","type":"aws_iam_role_policy","name":"lambda_policy","provider_name":"registry.terraform.io/hashicorp/aws","change":{"actions":["create"],"before":null,"after":{"name":"ai-codegen-lambda-policy"},"after_unknown":{"id":true,"name_prefix":true,"policy":true,"role":true},"before_sensitive":false,"after_sensitive":{},"after_identity":{"account_id":null,"name":null,"role":null}}},{"address":"aws_lambda_function.main","mode":"managed","type":"aws_lambda_function","name":"main","provider_name":"registry.terraform.io/hashicorp/aws","change":{"actions":["create"],"before":null,"after":{"capacity_provider_config":[],"code_signing_config_arn":null,"dead_letter_config":[],"description":null,"durable_config":[],"environment":[{"variables":{"S3_BUCKET":"ai-tf"}}],"file_system_config":[],"filename":null,"function_name":"ai-codegen-lambda","handler":null,"image_config":[],"image_uri":"ai-tf","kms_key_arn":null,"layers":null,"memory_size":512,"package_type":"Image","publish":false,"publish_to":null,"region":"us-east-1","replace_security_groups_on_destroy":null,"replacement_security_group_ids":null,"reserved_concurrent_executions":-1,"runtime":null,"s3_bucket":null,"s3_key":null,"s3_object_version":null,"skip_destroy":false,"snap_start":[],"source_kms_key_arn":null,"tags":null,"tenancy_config":[],"timeout":60,"timeouts":null,"vpc_config":[{"ipv6_allowed_for_dual_stack":false,"subnet_ids":null}]},"after_unknown":{"architectures":true,"arn":true,"capacity_provider_config":[],"code_sha256":true,"dead_letter_config":[],"durable_config":[],"environment":[{"variables":{}}],"ephemeral_storage":true,"file_system_config":[],"id":true,"image_config":[],"invoke_arn":true,"last_modified":true,"logging_config":true,"qualified_arn":true,"qualified_invoke_arn":true,"response_streaming_invoke_arn":true,"role":true,"signing_job_arn":true,"signing_profile_version_arn":true,"snap_start":[],"source_code_hash":true,"source_code_size":true,"tags_all":true,"tenancy_config":[],"tracing_config":true,"version":true,"vpc_config":[{"security_group_ids":true,"vpc_id":true}]},"before_sensitive":false,"after_sensitive":{"architectures":[],"capacity_provider_config":[],"dead_letter_config":[],"durable_config":[],"environment":[{"variables":{}}],"ephemeral_storage":[],"file_system_config":[],"image_config":[],"logging_config":[],"snap_start":[],"tags_all":{},"tenancy_config":[],"tracing_config":[],"vpc_config":[{"security_group_ids":[]}]},"after_identity":{"account_id":null,"function_name":null,"region":null}}},{"address":"aws_s3_bucket.lambda_data","mode":"managed","type":"aws_s3_bucket","name":"lambda_data","provider_name":"registry.terraform.io/hashicorp/aws","change":{"actions":["create"],"before":null,"after":{"bucket":"ai-tf","force_destroy":true,"region":"us-east-1","tags":{"Name":"ai-codegen-lambda-data"},"tags_all":{"Name":"ai-codegen-lambda-data"},"timeouts":null},"after_unknown":{"acceleration_status":true,"acl":true,"arn":true,"bucket_domain_name":true,"bucket_prefix":true,"bucket_region":true,"bucket_regional_domain_name":true,"cors_rule":true,"grant":true,"hosted_zone_id":true,"id":true,"lifecycle_rule":true,"logging":true,"object_lock_configuration":true,"object_lock_enabled":true,"policy":true,"replication_configuration":true,"request_payer":true,"server_side_encryption_configuration":true,"tags":{},"tags_all":{},"versioning":true,"website":true,"website_domain":true,"website_endpoint":true},"before_sensitive":false,"after_sensitive":{"cors_rule":[],"grant":[],"lifecycle_rule":[],"logging":[],"object_lock_configuration":[],"replication_configuration":[],"server_side_encryption_configuration":[],"tags":{},"tags_all":{},"versioning":[],"website":[]},"after_identity":{"account_id":null,"bucket":null,"region":null}}},{"address":"aws_security_group.lambda","mode":"managed","type":"aws_security_group","name":"lambda","provider_name":"registry.terraform.io/hashicorp/aws","change":{"actions":["create"],"before":null,"after":{"description":"Security group for Lambda function","egress":[{"cidr_blocks":["0.0.0.0/0"],"description":"","from_port":0,"ipv6_cidr_blocks":[],"prefix_list_ids":[],"protocol":"-1","security_groups":[],"self":false,"to_port":0}],"name":"ai-codegen-lambda-sg","region":"us-east-1","revoke_rules_on_delete":false,"tags":null,"timeouts":null,"vpc_id":"vpc-00000000"},"after_unknown":{"arn":true,"egress":[{"cidr_blocks":[false],"ipv6_cidr_blocks":[],"prefix_list_ids":[],"security_groups":[]}],"id":true,"ingress":true,"name_prefix":true,"owner_id":true,"tags_all":true},"before_sensitive":false,"after_sensitive":{"egress":[{"cidr_blocks":[false],"ipv6_cidr_blocks":[],"prefix_list_ids":[],"security_groups":[]}],"ingress":[],"tags_all":{}},"after_identity":{"account_id":null,"id":null,"region":null}}}],"output_changes":{"lambda_function_arn":{"actions":["create"],"before":null,"after_unknown":true,"before_sensitive":false,"after_sensitive":false},"lambda_function_name":{"actions":["create"],"before":null,"after":"ai-codegen-lambda","after_unknown":false,"before_sensitive":false,"after_sensitive":false},"s3_bucket_name":{"actions":["create"],"before":null,"after":"ai-tf","after_unknown":false,"before_sensitive":false,"after_sensitive":false}},"prior_state":{"format_version":"1.0","terraform_version":"1.13.5","values":{"outputs":{"lambda_function_name":{"sensitive":false,"value":"ai-codegen-lambda","type":"string"},"s3_bucket_name":{"sensitive":false,"value":"ai-tf","type":"string"}},"root_module":{"resources":[{"address":"data.archive_file.lambda_dummy","mode":"data","type":"archive_file","name":"lambda_dummy","provider_name":"registry.terraform.io/hashicorp/archive","schema_version":0,"values":{"exclude_symlink_directories":null,"excludes":null,"id":"58e93fade67637870be5af38eff8d5aa66c7da49","output_base64sha256":"wmbalFzzY/wG3ivChKElOZB3+B4gptmQyIat05p+fU4=","output_base64sha512":"BQYAg1LwEY4tDmry1VoRx6StX0vjH+7LpfB5KAZLVvfJQjioPbBv1QxI6QF6P2U614fU3h9XKBCb9z5Y1ornqA==","output_file_mode":null,"output_md5":"a0dbd832a6a977d6d5b28ea5c85e30fb","output_path":"./.dummy/lambda.zip","output_sha":"58e93fade67637870be5af38eff8d5aa66c7da49","output_sha256":"c266da945cf363fc06de2bc284a125399077f81e20a6d990c886add39a7e7d4e","output_sha512":"0506008352f0118e2d0e6af2d55a11c7a4ad5f4be31feecba5f07928064b56f7c94238a83db06fd50c48e9017a3f653ad787d4de1f5728109bf73e58d68ae7a8","output_size":246,"source":[{"content":"exports.handler = async (event) =\u003e {\n  console.log(\"Dummy lambda invoked\");\n  return { statusCode: 200, body: \"dummy\" };\n};\n","filename":"index.js"}],"source_content":null,"source_content_filename":null,"source_dir":null,"source_file":null,"type":"zip"},"sensitive_values":{"source":[{}]}},{"address":"data.aws_iam_policy_document.lambda_assume_role","mode":"data","type":"aws_iam_policy_document","name":"lambda_assume_role","provider_name":"registry.terraform.io/hashicorp/aws","schema_version":0,"values":{"id":"2690255455","json":"{\n  \"Version\": \"2012-10-17\",\n  \"Statement\": [\n    {\n      \"Effect\": \"Allow\",\n      \"Action\": \"sts:AssumeRole\",\n      \"Principal\": {\n        \"Service\": \"lambda.amazonaws.com\"\n      }\n    }\n  ]\n}","minified_json":"{\"Version\":\"2012-10-17\",\"Statement\":[{\"Effect\":\"Allow\",\"Action\":\"sts:AssumeRole\",\"Principal\":{\"Service\":\"lambda.amazonaws.com\"}}]}","override_json":null,"override_policy_documents":null,"policy_id":null,"source_json":null,"source_policy_documents":null,"statement":[{"actions":["sts:AssumeRole"],"condition":[],"effect":"Allow","not_actions":[],"not_principals":[],"not_resources":[],"principals":[{"identifiers":["lambda.amazonaws.com"],"type":"Service"}],"resources":[],"sid":""}],"version":"2012-10-17"},"sensitive_values":{"statement":[{"actions":[false],"condition":[],"not_actions":[],"not_principals":[],"not_resources":[],"principals":[{"identifiers":[false]}],"resources":[]}]}}]}}},"configuration":{"provider_config":{"archive":{"name":"archive","full_name":"registry.terraform.io/hashicorp/archive"},"aws":{"name":"aws","full_name":"registry.terraform.io/hashicorp/aws","version_constraint":"\u003e= 4.0.0","expressions":{"region":{"references":["var.aws_region"]}}}},"root_module":{"outputs":{"lambda_function_arn":{"expression":{"references":["aws_lambda_function.main.arn","aws_lambda_function.main"]},"description":"ARN of the Lambda function."},"lambda_function_name":{"expression":{"references":["aws_lambda_function.main.function_name","aws_lambda_function.main"]},"description":"Name of the Lambda function."},"s3_bucket_name":{"expression":{"references":["aws_s3_bucket.lambda_data.bucket","aws_s3_bucket.lambda_data"]},"description":"Name of the S3 bucket."}},"resources":[{"address":"aws_cloudwatch_log_group.lambda","mode":"managed","type":"aws_cloudwatch_log_group","name":"lambda","provider_config_key":"aws","expressions":{"name":{"references":["var.lambda_function_name"]},"retention_in_days":{"constant_value":14}},"schema_version":0},{"address":"aws_iam_role.lambda_exec","mode":"managed","type":"aws_iam_role","name":"lambda_exec","provider_config_key":"aws","expressions":{"assume_role_policy":{"references":["data.aws_iam_policy_document.lambda_assume_role.json","data.aws_iam_policy_document.lambda_assume_role"]},"name":{"references":["var.lambda_function_name"]}},"schema_version":0},{"address":"aws_iam_role_policy.lambda_policy","mode":"managed","type":"aws_iam_role_policy","name":"lambda_policy","provider_config_key":"aws","expressions":{"name":{"references":["var.lambda_function_name"]},"policy":{"references":["data.aws_iam_policy_document.lambda_policy.json","data.aws_iam_policy_document.lambda_policy"]},"role":{"references":["aws_iam_role.lambda_exec.id","aws_iam_role.lambda_exec"]}},"schema_version":0},{"address":"aws_lambda_function.main","mode":"managed","type":"aws_lambda_function","name":"main","provider_config_key":"aws","expressions":{"environment":[{"variables":{"references":["aws_s3_bucket.lambda_data.bucket","aws_s3_bucket.lambda_data"]}}],"function_name":{"references":["var.lambda_function_name"]},"image_uri":{"references":["var.lambda_image_uri"]},"memory_size":{"constant_value":512},"package_type":{"constant_value":"Image"},"role":{"references":["aws_iam_role.lambda_exec.arn","aws_iam_role.lambda_exec"]},"timeout":{"constant_value":60},"vpc_config":[{"security_group_ids":{"references":["aws_security_group.lambda.id","aws_security_group.lambda"]},"subnet_ids":{"references":["var.private_subnet_ids"]}}]},"schema_version":0,"depends_on":["aws_cloudwatch_log_group.lambda"]},{"address":"aws_s3_bucket.lambda_data","mode":"managed","type":"aws_s3_bucket","name":"lambda_data","provider_config_key":"aws","expressions":{"bucket":{"references":["var.s3_bucket_name"]},"force_destroy":{"constant_value":true},"tags":{"constant_value":{"Name":"ai-codegen-lambda-data"}}},"schema_version":0},{"address":"aws_security_group.lambda","mode":"managed","type":"aws_security_group","name":"lambda","provider_config_key":"aws","expressions":{"description":{"constant_value":"Security group for Lambda function"},"egress":{"constant_value":[{"cidr_blocks":["0.0.0.0/0"],"description":null,"from_port":0,"ipv6_cidr_blocks":null,"prefix_list_ids":null,"protocol":"-1","security_groups":null,"self":null,"to_port":0}]},"name":{"references":["var.lambda_function_name"]},"vpc_id":{"references":["var.vpc_id"]}},"schema_version":1},{"address":"data.archive_file.lambda_dummy","mode":"data","type":"archive_file","name":"lambda_dummy","provider_config_key":"archive","expressions":{"output_path":{"references":["local.lambda_dummy_zip"]},"source":[{"content":{"constant_value":"exports.handler = async (event) =\u003e {\n  console.log(\"Dummy lambda invoked\");\n  return { statusCode: 200, body: \"dummy\" };\n};\n"},"filename":{"constant_value":"index.js"}}],"type":{"constant_value":"zip"}},"schema_version":0},{"address":"data.aws_iam_policy_document.lambda_assume_role","mode":"data","type":"aws_iam_policy_document","name":"lambda_assume_role","provider_config_key":"aws","expressions":{"statement":[{"actions":{"constant_value":["sts:AssumeRole"]},"principals":[{"identifiers":{"constant_value":["lambda.amazonaws.com"]},"type":{"constant_value":"Service"}}]}]},"schema_version":0},{"address":"data.aws_iam_policy_document.lambda_policy","mode":"data","type":"aws_iam_policy_document","name":"lambda_policy","provider_config_key":"aws","expressions":{"statement":[{"actions":{"constant_value":["logs:CreateLogGroup","logs:CreateLogStream","logs:PutLogEvents"]},"resources":{"constant_value":["arn:aws:logs:*:*:*"]}},{"actions":{"constant_value":["s3:GetObject","s3:PutObject","s3:ListBucket"]},"resources":{"references":["aws_s3_bucket.lambda_data.arn","aws_s3_bucket.lambda_data","aws_s3_bucket.lambda_data.arn","aws_s3_bucket.lambda_data"]}}]},"schema_version":0}],"variables":{"aws_region":{"default":"us-east-1","description":"AWS region to deploy resources in."},"lambda_function_name":{"default":"ai-codegen-lambda","description":"Name for the Lambda function."},"lambda_image_uri":{"description":"ECR image URI for the Lambda function."},"private_subnet_ids":{"description":"List of private subnet IDs for Lambda."},"s3_bucket_name":{"description":"Name for the S3 bucket."},"vpc_id":{"description":"VPC ID for Lambda network isolation."}}}},"relevant_attributes":[{"resource":"data.aws_iam_policy_document.lambda_assume_role","attribute":["json"]},{"resource":"aws_iam_role.lambda_exec","attribute":["arn"]},{"resource":"aws_iam_role.lambda_exec","attribute":["id"]},{"resource":"aws_lambda_function.main","attribute":["function_name"]},{"resource":"aws_s3_bucket.lambda_data","attribute":["bucket"]},{"resource":"data.aws_iam_policy_document.lambda_policy","attribute":["json"]},{"resource":"aws_s3_bucket.lambda_data","attribute":["arn"]},{"resource":"aws_lambda_function.main","attribute":["arn"]},{"resource":"aws_security_group.lambda","attribute":["id"]}],"timestamp":"2026-01-18T12:30:27Z","applyable":true,"complete":true,"errored":false}
