{"format_version":"1.2","terraform_version":"1.13.5","variables":{"app_name":{"value":"magic-color"},"aws_region":{"value":"us-east-1"},"bucket_force_destroy":{"value":true}},"planned_values":{"outputs":{"static_site_bucket_name":{"sensitive":false},"static_site_website_endpoint":{"sensitive":false}},"root_module":{"resources":[{"address":"aws_s3_bucket.static_site","mode":"managed","type":"aws_s3_bucket","name":"static_site","provider_name":"registry.terraform.io/hashicorp/aws","schema_version":0,"values":{"bucket_prefix":"magic-color-site-","force_destroy":true,"region":"us-east-1","tags":null,"tags_all":{"Managed":"terraform","Project":"magic-color"},"timeouts":null},"sensitive_values":{"cors_rule":[],"grant":[],"lifecycle_rule":[],"logging":[],"object_lock_configuration":[],"replication_configuration":[],"server_side_encryption_configuration":[],"tags_all":{},"versioning":[],"website":[]},"identity_schema_version":0,"identity":{"account_id":null,"bucket":null,"region":null}},{"address":"aws_s3_bucket_public_access_block.static_site","mode":"managed","type":"aws_s3_bucket_public_access_block","name":"static_site","provider_name":"registry.terraform.io/hashicorp/aws","schema_version":0,"values":{"block_public_acls":true,"block_public_policy":true,"ignore_public_acls":true,"region":"us-east-1","restrict_public_buckets":true,"skip_destroy":null},"sensitive_values":{},"identity_schema_version":0,"identity":{"account_id":null,"bucket":null,"region":null}},{"address":"aws_s3_bucket_server_side_encryption_configuration.static_site","mode":"managed","type":"aws_s3_bucket_server_side_encryption_configuration","name":"static_site","provider_name":"registry.terraform.io/hashicorp/aws","schema_version":0,"values":{"expected_bucket_owner":null,"region":"us-east-1","rule":[{"apply_server_side_encryption_by_default":[{"kms_master_key_id":"","sse_algorithm":"AES256"}],"blocked_encryption_types":[],"bucket_key_enabled":null}]},"sensitive_values":{"rule":[{"apply_server_side_encryption_by_default":[{}],"blocked_encryption_types":[]}]},"identity_schema_version":0,"identity":{"account_id":null,"bucket":null,"expected_bucket_owner":null,"region":null}},{"address":"aws_s3_bucket_versioning.static_site","mode":"managed","type":"aws_s3_bucket_versioning","name":"static_site","provider_name":"registry.terraform.io/hashicorp/aws","schema_version":0,"values":{"expected_bucket_owner":null,"mfa":null,"region":"us-east-1","versioning_configuration":[{"status":"Enabled"}]},"sensitive_values":{"versioning_configuration":[{}]},"identity_schema_version":0,"identity":{"account_id":null,"bucket":null,"expected_bucket_owner":null,"region":null}},{"address":"aws_s3_bucket_website_configuration.static_site","mode":"managed","type":"aws_s3_bucket_website_configuration","name":"static_site","provider_name":"registry.terraform.io/hashicorp/aws","schema_version":0,"values":{"error_document":[{"key":"index.html"}],"expected_bucket_owner":null,"index_document":[{"suffix":"index.html"}],"redirect_all_requests_to":[],"region":"us-east-1"},"sensitive_values":{"error_document":[{}],"index_document":[{}],"redirect_all_requests_to":[],"routing_rule":[]},"identity_schema_version":0,"identity":{"account_id":null,"bucket":null,"expected_bucket_owner":null,"region":null}},{"address":"aws_s3_object.index","mode":"managed","type":"aws_s3_object","name":"index","provider_name":"registry.terraform.io/hashicorp/aws","schema_version":0,"values":{"cache_control":null,"checksum_algorithm":null,"content":null,"content_base64":null,"content_disposition":null,"content_encoding":null,"content_language":null,"content_type":"text/html","etag":"cb958d82d263a5cd4a2bf5f2acab332f","force_destroy":false,"key":"index.html","metadata":null,"object_lock_legal_hold_status":null,"object_lock_mode":null,"object_lock_retain_until_date":null,"override_provider":[],"region":"us-east-1","source":"./../index.html","source_hash":null,"tags":null,"tags_all":{"Managed":"terraform","Project":"magic-color"},"website_redirect":null},"sensitive_values":{"override_provider":[],"tags_all":{}},"identity_schema_version":0,"identity":{"account_id":null,"bucket":null,"key":null,"region":null}},{"address":"aws_s3_object.script","mode":"managed","type":"aws_s3_object","name":"script","provider_name":"registry.terraform.io/hashicorp/aws","schema_version":0,"values":{"cache_control":null,"checksum_algorithm":null,"content":null,"content_base64":null,"content_disposition":null,"content_encoding":null,"content_language":null,"content_type":"application/javascript","etag":"8f8b82b21a489450f5e72ed0519203dd","force_destroy":false,"key":"script2.js","metadata":null,"object_lock_legal_hold_status":null,"object_lock_mode":null,"object_lock_retain_until_date":null,"override_provider":[],"region":"us-east-1","source":"./../script2.js","source_hash":null,"tags":null,"tags_all":{"Managed":"terraform","Project":"magic-color"},"website_redirect":null},"sensitive_values":{"override_provider":[],"tags_all":{}},"identity_schema_version":0,"identity":{"account_id":null,"bucket":null,"key":null,"region":null}},{"address":"aws_s3_object.style","mode":"managed","type":"aws_s3_object","name":"style","provider_name":"registry.terraform.io/hashicorp/aws","schema_version":0,"values":{"cache_control":null,"checksum_algorithm":null,"content":null,"content_base64":null,"content_disposition":null,"content_encoding":null,"content_language":null,"content_type":"text/css","etag":"a7716c6a0bcd2d01b88ec4cb7cac9c6e","force_destroy":false,"key":"style2.css","metadata":null,"object_lock_legal_hold_status":null,"object_lock_mode":null,"object_lock_retain_until_date":null,"override_provider":[],"region":"us-east-1","source":"./../style2.css","source_hash":null,"tags":null,"tags_all":{"Managed":"terraform","Project":"magic-color"},"website_redirect":null},"sensitive_values":{"override_provider":[],"tags_all":{}},"identity_schema_version":0,"identity":{"account_id":null,"bucket":null,"key":null,"region":null}}]}},"resource_changes":[{"address":"aws_s3_bucket.static_site","mode":"managed","type":"aws_s3_bucket","name":"static_site","provider_name":"registry.terraform.io/hashicorp/aws","change":{"actions":["create"],"before":null,"after":{"bucket_prefix":"magic-color-site-","force_destroy":true,"region":"us-east-1","tags":null,"tags_all":{"Managed":"terraform","Project":"magic-color"},"timeouts":null},"after_unknown":{"acceleration_status":true,"acl":true,"arn":true,"bucket":true,"bucket_domain_name":true,"bucket_region":true,"bucket_regional_domain_name":true,"cors_rule":true,"grant":true,"hosted_zone_id":true,"id":true,"lifecycle_rule":true,"logging":true,"object_lock_configuration":true,"object_lock_enabled":true,"policy":true,"replication_configuration":true,"request_payer":true,"server_side_encryption_configuration":true,"tags_all":{},"versioning":true,"website":true,"website_domain":true,"website_endpoint":true},"before_sensitive":false,"after_sensitive":{"cors_rule":[],"grant":[],"lifecycle_rule":[],"logging":[],"object_lock_configuration":[],"replication_configuration":[],"server_side_encryption_configuration":[],"tags_all":{},"versioning":[],"website":[]},"after_identity":{"account_id":null,"bucket":null,"region":null}}},{"address":"aws_s3_bucket_public_access_block.static_site","mode":"managed","type":"aws_s3_bucket_public_access_block","name":"static_site","provider_name":"registry.terraform.io/hashicorp/aws","change":{"actions":["create"],"before":null,"after":{"block_public_acls":true,"block_public_policy":true,"ignore_public_acls":true,"region":"us-east-1","restrict_public_buckets":true,"skip_destroy":null},"after_unknown":{"bucket":true,"id":true},"before_sensitive":false,"after_sensitive":{},"after_identity":{"account_id":null,"bucket":null,"region":null}}},{"address":"aws_s3_bucket_server_side_encryption_configuration.static_site","mode":"managed","type":"aws_s3_bucket_server_side_encryption_configuration","name":"static_site","provider_name":"registry.terraform.io/hashicorp/aws","change":{"actions":["create"],"before":null,"after":{"expected_bucket_owner":null,"region":"us-east-1","rule":[{"apply_server_side_encryption_by_default":[{"kms_master_key_id":"","sse_algorithm":"AES256"}],"blocked_encryption_types":[],"bucket_key_enabled":null}]},"after_unknown":{"bucket":true,"id":true,"rule":[{"apply_server_side_encryption_by_default":[{}],"blocked_encryption_types":[]}]},"before_sensitive":false,"after_sensitive":{"rule":[{"apply_server_side_encryption_by_default":[{}],"blocked_encryption_types":[]}]},"after_identity":{"account_id":null,"bucket":null,"expected_bucket_owner":null,"region":null}}},{"address":"aws_s3_bucket_versioning.static_site","mode":"managed","type":"aws_s3_bucket_versioning","name":"static_site","provider_name":"registry.terraform.io/hashicorp/aws","change":{"actions":["create"],"before":null,"after":{"expected_bucket_owner":null,"mfa":null,"region":"us-east-1","versioning_configuration":[{"status":"Enabled"}]},"after_unknown":{"bucket":true,"id":true,"versioning_configuration":[{"mfa_delete":true}]},"before_sensitive":false,"after_sensitive":{"versioning_configuration":[{}]},"after_identity":{"account_id":null,"bucket":null,"expected_bucket_owner":null,"region":null}}},{"address":"aws_s3_bucket_website_configuration.static_site","mode":"managed","type":"aws_s3_bucket_website_configuration","name":"static_site","provider_name":"registry.terraform.io/hashicorp/aws","change":{"actions":["create"],"before":null,"after":{"error_document":[{"key":"index.html"}],"expected_bucket_owner":null,"index_document":[{"suffix":"index.html"}],"redirect_all_requests_to":[],"region":"us-east-1"},"after_unknown":{"bucket":true,"error_document":[{}],"id":true,"index_document":[{}],"redirect_all_requests_to":[],"routing_rule":true,"routing_rules":true,"website_domain":true,"website_endpoint":true},"before_sensitive":false,"after_sensitive":{"error_document":[{}],"index_document":[{}],"redirect_all_requests_to":[],"routing_rule":[]},"after_identity":{"account_id":null,"bucket":null,"expected_bucket_owner":null,"region":null}}},{"address":"aws_s3_object.index","mode":"managed","type":"aws_s3_object","name":"index","provider_name":"registry.terraform.io/hashicorp/aws","change":{"actions":["create"],"before":null,"after":{"cache_control":null,"checksum_algorithm":null,"content":null,"content_base64":null,"content_disposition":null,"content_encoding":null,"content_language":null,"content_type":"text/html","etag":"cb958d82d263a5cd4a2bf5f2acab332f","force_destroy":false,"key":"index.html","metadata":null,"object_lock_legal_hold_status":null,"object_lock_mode":null,"object_lock_retain_until_date":null,"override_provider":[],"region":"us-east-1","source":"./../index.html","source_hash":null,"tags":null,"tags_all":{"Managed":"terraform","Project":"magic-color"},"website_redirect":null},"after_unknown":{"acl":true,"arn":true,"bucket":true,"bucket_key_enabled":true,"checksum_crc32":true,"checksum_crc32c":true,"checksum_crc64nvme":true,"checksum_sha1":true,"checksum_sha256":true,"id":true,"kms_key_id":true,"override_provider":[],"server_side_encryption":true,"storage_class":true,"tags_all":{},"version_id":true},"before_sensitive":false,"after_sensitive":{"override_provider":[],"tags_all":{}},"after_identity":{"account_id":null,"bucket":null,"key":null,"region":null}}},{"address":"aws_s3_object.script","mode":"managed","type":"aws_s3_object","name":"script","provider_name":"registry.terraform.io/hashicorp/aws","change":{"actions":["create"],"before":null,"after":{"cache_control":null,"checksum_algorithm":null,"content":null,"content_base64":null,"content_disposition":null,"content_encoding":null,"content_language":null,"content_type":"application/javascript","etag":"8f8b82b21a489450f5e72ed0519203dd","force_destroy":false,"key":"script2.js","metadata":null,"object_lock_legal_hold_status":null,"object_lock_mode":null,"object_lock_retain_until_date":null,"override_provider":[],"region":"us-east-1","source":"./../script2.js","source_hash":null,"tags":null,"tags_all":{"Managed":"terraform","Project":"magic-color"},"website_redirect":null},"after_unknown":{"acl":true,"arn":true,"bucket":true,"bucket_key_enabled":true,"checksum_crc32":true,"checksum_crc32c":true,"checksum_crc64nvme":true,"checksum_sha1":true,"checksum_sha256":true,"id":true,"kms_key_id":true,"override_provider":[],"server_side_encryption":true,"storage_class":true,"tags_all":{},"version_id":true},"before_sensitive":false,"after_sensitive":{"override_provider":[],"tags_all":{}},"after_identity":{"account_id":null,"bucket":null,"key":null,"region":null}}},{"address":"aws_s3_object.style","mode":"managed","type":"aws_s3_object","name":"style","provider_name":"registry.terraform.io/hashicorp/aws","change":{"actions":["create"],"before":null,"after":{"cache_control":null,"checksum_algorithm":null,"content":null,"content_base64":null,"content_disposition":null,"content_encoding":null,"content_language":null,"content_type":"text/css","etag":"a7716c6a0bcd2d01b88ec4cb7cac9c6e","force_destroy":false,"key":"style2.css","metadata":null,"object_lock_legal_hold_status":null,"object_lock_mode":null,"object_lock_retain_until_date":null,"override_provider":[],"region":"us-east-1","source":"./../style2.css","source_hash":null,"tags":null,"tags_all":{"Managed":"terraform","Project":"magic-color"},"website_redirect":null},"after_unknown":{"acl":true,"arn":true,"bucket":true,"bucket_key_enabled":true,"checksum_crc32":true,"checksum_crc32c":true,"checksum_crc64nvme":true,"checksum_sha1":true,"checksum_sha256":true,"id":true,"kms_key_id":true,"override_provider":[],"server_side_encryption":true,"storage_class":true,"tags_all":{},"version_id":true},"before_sensitive":false,"after_sensitive":{"override_provider":[],"tags_all":{}},"after_identity":{"account_id":null,"bucket":null,"key":null,"region":null}}}],"output_changes":{"static_site_bucket_name":{"actions":["create"],"before":null,"after_unknown":true,"before_sensitive":false,"after_sensitive":false},"static_site_website_endpoint":{"actions":["create"],"before":null,"after_unknown":true,"before_sensitive":false,"after_sensitive":false}},"configuration":{"provider_config":{"aws":{"name":"aws","full_name":"registry.terraform.io/hashicorp/aws","version_constraint":"\u003e= 5.0.0","expressions":{"default_tags":[{"tags":{"references":["var.app_name"]}}],"region":{"references":["var.aws_region"]}}}},"root_module":{"outputs":{"static_site_bucket_name":{"expression":{"references":["aws_s3_bucket.static_site.bucket","aws_s3_bucket.static_site"]},"description":"S3 bucket name hosting the static website"},"static_site_website_endpoint":{"expression":{"references":["aws_s3_bucket_website_configuration.static_site.website_endpoint","aws_s3_bucket_website_configuration.static_site"]},"description":"S3 website endpoint (note: bucket is private; use CloudFront or adjust policy for public access if needed)"}},"resources":[{"address":"aws_s3_bucket.static_site","mode":"managed","type":"aws_s3_bucket","name":"static_site","provider_config_key":"aws","expressions":{"bucket_prefix":{"references":["local.name_prefix"]},"force_destroy":{"references":["var.bucket_force_destroy"]}},"schema_version":0},{"address":"aws_s3_bucket_public_access_block.static_site","mode":"managed","type":"aws_s3_bucket_public_access_block","name":"static_site","provider_config_key":"aws","expressions":{"block_public_acls":{"constant_value":true},"block_public_policy":{"constant_value":true},"bucket":{"references":["aws_s3_bucket.static_site.id","aws_s3_bucket.static_site"]},"ignore_public_acls":{"constant_value":true},"restrict_public_buckets":{"constant_value":true}},"schema_version":0},{"address":"aws_s3_bucket_server_side_encryption_configuration.static_site","mode":"managed","type":"aws_s3_bucket_server_side_encryption_configuration","name":"static_site","provider_config_key":"aws","expressions":{"bucket":{"references":["aws_s3_bucket.static_site.id","aws_s3_bucket.static_site"]},"rule":[{"apply_server_side_encryption_by_default":[{"sse_algorithm":{"constant_value":"AES256"}}]}]},"schema_version":0},{"address":"aws_s3_bucket_versioning.static_site","mode":"managed","type":"aws_s3_bucket_versioning","name":"static_site","provider_config_key":"aws","expressions":{"bucket":{"references":["aws_s3_bucket.static_site.id","aws_s3_bucket.static_site"]},"versioning_configuration":[{"status":{"constant_value":"Enabled"}}]},"schema_version":0},{"address":"aws_s3_bucket_website_configuration.static_site","mode":"managed","type":"aws_s3_bucket_website_configuration","name":"static_site","provider_config_key":"aws","expressions":{"bucket":{"references":["aws_s3_bucket.static_site.id","aws_s3_bucket.static_site"]},"error_document":[{"key":{"constant_value":"index.html"}}],"index_document":[{"suffix":{"constant_value":"index.html"}}]},"schema_version":0},{"address":"aws_s3_object.index","mode":"managed","type":"aws_s3_object","name":"index","provider_config_key":"aws","expressions":{"bucket":{"references":["aws_s3_bucket.static_site.id","aws_s3_bucket.static_site"]},"content_type":{"constant_value":"text/html"},"etag":{"references":["path.module"]},"key":{"constant_value":"index.html"},"source":{"references":["path.module"]}},"schema_version":0},{"address":"aws_s3_object.script","mode":"managed","type":"aws_s3_object","name":"script","provider_config_key":"aws","expressions":{"bucket":{"references":["aws_s3_bucket.static_site.id","aws_s3_bucket.static_site"]},"content_type":{"constant_value":"application/javascript"},"etag":{"references":["path.module"]},"key":{"constant_value":"script2.js"},"source":{"references":["path.module"]}},"schema_version":0},{"address":"aws_s3_object.style","mode":"managed","type":"aws_s3_object","name":"style","provider_config_key":"aws","expressions":{"bucket":{"references":["aws_s3_bucket.static_site.id","aws_s3_bucket.static_site"]},"content_type":{"constant_value":"text/css"},"etag":{"references":["path.module"]},"key":{"constant_value":"style2.css"},"source":{"references":["path.module"]}},"schema_version":0}],"variables":{"app_name":{"default":"magic-color","description":"Application name used for naming/tagging"},"aws_region":{"default":"us-east-1","description":"AWS region"},"bucket_force_destroy":{"default":true,"description":"Whether to force destroy the S3 bucket (useful for dev/test)"}}}},"relevant_attributes":[{"resource":"aws_s3_bucket.static_site","attribute":["bucket"]},{"resource":"aws_s3_bucket.static_site","attribute":["id"]},{"resource":"aws_s3_bucket_website_configuration.static_site","attribute":["website_endpoint"]}],"timestamp":"2026-01-27T21:24:41Z","applyable":true,"complete":true,"errored":false}
