
Terraform used the selected providers to generate the following execution
plan. Resource actions are indicated with the following symbols:
  + create

Terraform will perform the following actions:

  # aws_instance.example-instance will be created
  + resource "aws_instance" "example-instance" {
      + ami                                  = "ami-00ac45f3035ff009e"
      + arn                                  = (known after apply)
      + associate_public_ip_address          = (known after apply)
      + availability_zone                    = (known after apply)
      + cpu_core_count                       = (known after apply)
      + cpu_threads_per_core                 = (known after apply)
      + disable_api_stop                     = (known after apply)
      + disable_api_termination              = (known after apply)
      + ebs_optimized                        = (known after apply)
      + enable_primary_ipv6                  = (known after apply)
      + get_password_data                    = false
      + host_id                              = (known after apply)
      + host_resource_group_arn              = (known after apply)
      + iam_instance_profile                 = (known after apply)
      + id                                   = (known after apply)
      + instance_initiated_shutdown_behavior = (known after apply)
      + instance_lifecycle                   = (known after apply)
      + instance_state                       = (known after apply)
      + instance_type                        = "t2.micro"
      + ipv6_address_count                   = (known after apply)
      + ipv6_addresses                       = (known after apply)
      + key_name                             = "terraform"
      + monitoring                           = (known after apply)
      + outpost_arn                          = (known after apply)
      + password_data                        = (known after apply)
      + placement_group                      = (known after apply)
      + placement_partition_number           = (known after apply)
      + primary_network_interface_id         = (known after apply)
      + private_dns                          = (known after apply)
      + private_ip                           = (known after apply)
      + public_dns                           = (known after apply)
      + public_ip                            = (known after apply)
      + secondary_private_ips                = (known after apply)
      + security_groups                      = (known after apply)
      + source_dest_check                    = true
      + spot_instance_request_id             = (known after apply)
      + subnet_id                            = (known after apply)
      + tags                                 = {
          + "Name" = "example-instance"
        }
      + tags_all                             = {
          + "Name" = "example-instance"
        }
      + tenancy                              = (known after apply)
      + user_data                            = (known after apply)
      + user_data_base64                     = (known after apply)
      + user_data_replace_on_change          = false
      + vpc_security_group_ids               = (known after apply)

      + capacity_reservation_specification (known after apply)

      + cpu_options (known after apply)

      + ebs_block_device (known after apply)

      + enclave_options (known after apply)

      + ephemeral_block_device (known after apply)

      + instance_market_options (known after apply)

      + maintenance_options (known after apply)

      + metadata_options (known after apply)

      + network_interface (known after apply)

      + private_dns_name_options (known after apply)

      + root_block_device (known after apply)
    }

  # aws_key_pair.generated_key will be created
  + resource "aws_key_pair" "generated_key" {
      + arn             = (known after apply)
      + fingerprint     = (known after apply)
      + id              = (known after apply)
      + key_name        = "terraform"
      + key_name_prefix = (known after apply)
      + key_pair_id     = (known after apply)
      + key_type        = (known after apply)
      + public_key      = (known after apply)
      + tags_all        = (known after apply)
    }

  # aws_security_group.instance will be created
  + resource "aws_security_group" "instance" {
      + arn                    = (known after apply)
      + description            = "Allow inbound traffic"
      + egress                 = [
          + {
              + cidr_blocks      = [
                  + "0.0.0.0/0",
                ]
              + from_port        = 0
              + ipv6_cidr_blocks = []
              + prefix_list_ids  = []
              + protocol         = "-1"
              + security_groups  = []
              + self             = false
              + to_port          = 0
                # (1 unchanged attribute hidden)
            },
        ]
      + id                     = (known after apply)
      + ingress                = [
          + {
              + cidr_blocks      = [
                  + "0.0.0.0/0",
                ]
              + from_port        = 22
              + ipv6_cidr_blocks = []
              + prefix_list_ids  = []
              + protocol         = "tcp"
              + security_groups  = []
              + self             = false
              + to_port          = 22
                # (1 unchanged attribute hidden)
            },
          + {
              + cidr_blocks      = [
                  + "0.0.0.0/0",
                ]
              + from_port        = 3000
              + ipv6_cidr_blocks = []
              + prefix_list_ids  = []
              + protocol         = "tcp"
              + security_groups  = []
              + self             = false
              + to_port          = 3000
                # (1 unchanged attribute hidden)
            },
        ]
      + name                   = "instance"
      + name_prefix            = (known after apply)
      + owner_id               = (known after apply)
      + revoke_rules_on_delete = false
      + tags_all               = (known after apply)
      + vpc_id                 = (known after apply)
    }

  # local_file.myKey will be created
  + resource "local_file" "myKey" {
      + content              = (sensitive value)
      + content_base64sha256 = (known after apply)
      + content_base64sha512 = (known after apply)
      + content_md5          = (known after apply)
      + content_sha1         = (known after apply)
      + content_sha256       = (known after apply)
      + content_sha512       = (known after apply)
      + directory_permission = "0777"
      + file_permission      = "0777"
      + filename             = "terraform.pem"
      + id                   = (known after apply)
    }

  # null_resource.name will be created
  + resource "null_resource" "name" {
      + id = (known after apply)
    }

  # tls_private_key.example will be created
  + resource "tls_private_key" "example" {
      + algorithm                     = "ED25519"
      + ecdsa_curve                   = "P224"
      + id                            = (known after apply)
      + private_key_openssh           = (sensitive value)
      + private_key_pem               = (sensitive value)
      + private_key_pem_pkcs8         = (sensitive value)
      + public_key_fingerprint_md5    = (known after apply)
      + public_key_fingerprint_sha256 = (known after apply)
      + public_key_openssh            = (known after apply)
      + public_key_pem                = (known after apply)
      + rsa_bits                      = 2048
    }

Plan: 6 to add, 0 to change, 0 to destroy.

Changes to Outputs:
  + host_ip   = (known after apply)
  + host_name = (known after apply)
  + ssh_key   = "terraform"
tls_private_key.example: Creating...
tls_private_key.example: Creation complete after 0s [id=43d50a32cf4fc6e65e28822039294585f3094601]
aws_key_pair.generated_key: Creating...
aws_security_group.instance: Creating...
aws_key_pair.generated_key: Creation complete after 0s [id=terraform]
local_file.myKey: Creating...
local_file.myKey: Creation complete after 0s [id=b34706db2855817d67d8e2a11f899f0903a72edc]
aws_security_group.instance: Creation complete after 1s [id=sg-b69799e199692a644]
aws_instance.example-instance: Creating...
