{"format_version":"1.2","terraform_version":"1.13.5","variables":{"key_name":{"value":"terraform"}},"planned_values":{"outputs":{"host_ip":{"sensitive":false},"host_name":{"sensitive":false},"ssh_key":{"sensitive":false,"type":"string","value":"terraform"}},"root_module":{"resources":[{"address":"aws_instance.example-instance","mode":"managed","type":"aws_instance","name":"example-instance","provider_name":"registry.terraform.io/hashicorp/aws","schema_version":1,"values":{"ami":"ami-00ac45f3035ff009e","credit_specification":[],"get_password_data":false,"hibernation":null,"instance_type":"t2.micro","key_name":"terraform","launch_template":[],"source_dest_check":true,"tags":{"Name":"example-instance"},"tags_all":{"Name":"example-instance"},"timeouts":null,"user_data_replace_on_change":false,"volume_tags":null},"sensitive_values":{"capacity_reservation_specification":[],"cpu_options":[],"credit_specification":[],"ebs_block_device":[],"enclave_options":[],"ephemeral_block_device":[],"instance_market_options":[],"ipv6_addresses":[],"launch_template":[],"maintenance_options":[],"metadata_options":[],"network_interface":[],"private_dns_name_options":[],"root_block_device":[],"secondary_private_ips":[],"security_groups":[],"tags":{},"tags_all":{},"vpc_security_group_ids":[]}},{"address":"aws_key_pair.generated_key","mode":"managed","type":"aws_key_pair","name":"generated_key","provider_name":"registry.terraform.io/hashicorp/aws","schema_version":1,"values":{"key_name":"terraform","tags":null},"sensitive_values":{"tags_all":{}}},{"address":"aws_security_group.instance","mode":"managed","type":"aws_security_group","name":"instance","provider_name":"registry.terraform.io/hashicorp/aws","schema_version":1,"values":{"description":"Allow inbound traffic","egress":[{"cidr_blocks":["0.0.0.0/0"],"description":"","from_port":0,"ipv6_cidr_blocks":[],"prefix_list_ids":[],"protocol":"-1","security_groups":[],"self":false,"to_port":0}],"ingress":[{"cidr_blocks":["0.0.0.0/0"],"description":"","from_port":22,"ipv6_cidr_blocks":[],"prefix_list_ids":[],"protocol":"tcp","security_groups":[],"self":false,"to_port":22},{"cidr_blocks":["0.0.0.0/0"],"description":"","from_port":3000,"ipv6_cidr_blocks":[],"prefix_list_ids":[],"protocol":"tcp","security_groups":[],"self":false,"to_port":3000}],"name":"instance","revoke_rules_on_delete":false,"tags":null,"timeouts":null},"sensitive_values":{"egress":[{"cidr_blocks":[false],"ipv6_cidr_blocks":[],"prefix_list_ids":[],"security_groups":[]}],"ingress":[{"cidr_blocks":[false],"ipv6_cidr_blocks":[],"prefix_list_ids":[],"security_groups":[]},{"cidr_blocks":[false],"ipv6_cidr_blocks":[],"prefix_list_ids":[],"security_groups":[]}],"tags_all":{}}},{"address":"local_file.myKey","mode":"managed","type":"local_file","name":"myKey","provider_name":"registry.terraform.io/hashicorp/local","schema_version":0,"values":{"content_base64":null,"directory_permission":"0777","file_permission":"0777","filename":"terraform.pem","sensitive_content":null,"source":null},"sensitive_values":{"content":true,"sensitive_content":true}},{"address":"null_resource.name","mode":"managed","type":"null_resource","name":"name","provider_name":"registry.terraform.io/hashicorp/null","schema_version":0,"values":{"triggers":null},"sensitive_values":{}},{"address":"tls_private_key.example","mode":"managed","type":"tls_private_key","name":"example","provider_name":"registry.terraform.io/hashicorp/tls","schema_version":1,"values":{"algorithm":"ED25519","ecdsa_curve":"P224","rsa_bits":2048},"sensitive_values":{"private_key_openssh":true,"private_key_pem":true,"private_key_pem_pkcs8":true}}]}},"resource_changes":[{"address":"aws_instance.example-instance","mode":"managed","type":"aws_instance","name":"example-instance","provider_name":"registry.terraform.io/hashicorp/aws","change":{"actions":["create"],"before":null,"after":{"ami":"ami-00ac45f3035ff009e","credit_specification":[],"get_password_data":false,"hibernation":null,"instance_type":"t2.micro","key_name":"terraform","launch_template":[],"source_dest_check":true,"tags":{"Name":"example-instance"},"tags_all":{"Name":"example-instance"},"timeouts":null,"user_data_replace_on_change":false,"volume_tags":null},"after_unknown":{"arn":true,"associate_public_ip_address":true,"availability_zone":true,"capacity_reservation_specification":true,"cpu_core_count":true,"cpu_options":true,"cpu_threads_per_core":true,"credit_specification":[],"disable_api_stop":true,"disable_api_termination":true,"ebs_block_device":true,"ebs_optimized":true,"enable_primary_ipv6":true,"enclave_options":true,"ephemeral_block_device":true,"host_id":true,"host_resource_group_arn":true,"iam_instance_profile":true,"id":true,"instance_initiated_shutdown_behavior":true,"instance_lifecycle":true,"instance_market_options":true,"instance_state":true,"ipv6_address_count":true,"ipv6_addresses":true,"launch_template":[],"maintenance_options":true,"metadata_options":true,"monitoring":true,"network_interface":true,"outpost_arn":true,"password_data":true,"placement_group":true,"placement_partition_number":true,"primary_network_interface_id":true,"private_dns":true,"private_dns_name_options":true,"private_ip":true,"public_dns":true,"public_ip":true,"root_block_device":true,"secondary_private_ips":true,"security_groups":true,"spot_instance_request_id":true,"subnet_id":true,"tags":{},"tags_all":{},"tenancy":true,"user_data":true,"user_data_base64":true,"vpc_security_group_ids":true},"before_sensitive":false,"after_sensitive":{"capacity_reservation_specification":[],"cpu_options":[],"credit_specification":[],"ebs_block_device":[],"enclave_options":[],"ephemeral_block_device":[],"instance_market_options":[],"ipv6_addresses":[],"launch_template":[],"maintenance_options":[],"metadata_options":[],"network_interface":[],"private_dns_name_options":[],"root_block_device":[],"secondary_private_ips":[],"security_groups":[],"tags":{},"tags_all":{},"vpc_security_group_ids":[]}}},{"address":"aws_key_pair.generated_key","mode":"managed","type":"aws_key_pair","name":"generated_key","provider_name":"registry.terraform.io/hashicorp/aws","change":{"actions":["create"],"before":null,"after":{"key_name":"terraform","tags":null},"after_unknown":{"arn":true,"fingerprint":true,"id":true,"key_name_prefix":true,"key_pair_id":true,"key_type":true,"public_key":true,"tags_all":true},"before_sensitive":false,"after_sensitive":{"tags_all":{}}}},{"address":"aws_security_group.instance","mode":"managed","type":"aws_security_group","name":"instance","provider_name":"registry.terraform.io/hashicorp/aws","change":{"actions":["create"],"before":null,"after":{"description":"Allow inbound traffic","egress":[{"cidr_blocks":["0.0.0.0/0"],"description":"","from_port":0,"ipv6_cidr_blocks":[],"prefix_list_ids":[],"protocol":"-1","security_groups":[],"self":false,"to_port":0}],"ingress":[{"cidr_blocks":["0.0.0.0/0"],"description":"","from_port":22,"ipv6_cidr_blocks":[],"prefix_list_ids":[],"protocol":"tcp","security_groups":[],"self":false,"to_port":22},{"cidr_blocks":["0.0.0.0/0"],"description":"","from_port":3000,"ipv6_cidr_blocks":[],"prefix_list_ids":[],"protocol":"tcp","security_groups":[],"self":false,"to_port":3000}],"name":"instance","revoke_rules_on_delete":false,"tags":null,"timeouts":null},"after_unknown":{"arn":true,"egress":[{"cidr_blocks":[false],"ipv6_cidr_blocks":[],"prefix_list_ids":[],"security_groups":[]}],"id":true,"ingress":[{"cidr_blocks":[false],"ipv6_cidr_blocks":[],"prefix_list_ids":[],"security_groups":[]},{"cidr_blocks":[false],"ipv6_cidr_blocks":[],"prefix_list_ids":[],"security_groups":[]}],"name_prefix":true,"owner_id":true,"tags_all":true,"vpc_id":true},"before_sensitive":false,"after_sensitive":{"egress":[{"cidr_blocks":[false],"ipv6_cidr_blocks":[],"prefix_list_ids":[],"security_groups":[]}],"ingress":[{"cidr_blocks":[false],"ipv6_cidr_blocks":[],"prefix_list_ids":[],"security_groups":[]},{"cidr_blocks":[false],"ipv6_cidr_blocks":[],"prefix_list_ids":[],"security_groups":[]}],"tags_all":{}}}},{"address":"local_file.myKey","mode":"managed","type":"local_file","name":"myKey","provider_name":"registry.terraform.io/hashicorp/local","change":{"actions":["create"],"before":null,"after":{"content_base64":null,"directory_permission":"0777","file_permission":"0777","filename":"terraform.pem","sensitive_content":null,"source":null},"after_unknown":{"content":true,"content_base64sha256":true,"content_base64sha512":true,"content_md5":true,"content_sha1":true,"content_sha256":true,"content_sha512":true,"id":true},"before_sensitive":false,"after_sensitive":{"content":true,"sensitive_content":true}}},{"address":"null_resource.name","mode":"managed","type":"null_resource","name":"name","provider_name":"registry.terraform.io/hashicorp/null","change":{"actions":["create"],"before":null,"after":{"triggers":null},"after_unknown":{"id":true},"before_sensitive":false,"after_sensitive":{}}},{"address":"tls_private_key.example","mode":"managed","type":"tls_private_key","name":"example","provider_name":"registry.terraform.io/hashicorp/tls","change":{"actions":["create"],"before":null,"after":{"algorithm":"ED25519","ecdsa_curve":"P224","rsa_bits":2048},"after_unknown":{"id":true,"private_key_openssh":true,"private_key_pem":true,"private_key_pem_pkcs8":true,"public_key_fingerprint_md5":true,"public_key_fingerprint_sha256":true,"public_key_openssh":true,"public_key_pem":true},"before_sensitive":false,"after_sensitive":{"private_key_openssh":true,"private_key_pem":true,"private_key_pem_pkcs8":true}}}],"output_changes":{"host_ip":{"actions":["create"],"before":null,"after_unknown":true,"before_sensitive":false,"after_sensitive":false},"host_name":{"actions":["create"],"before":null,"after_unknown":true,"before_sensitive":false,"after_sensitive":false},"ssh_key":{"actions":["create"],"before":null,"after":"terraform","after_unknown":false,"before_sensitive":false,"after_sensitive":false}},"prior_state":{"format_version":"1.0","terraform_version":"1.13.5","values":{"outputs":{"ssh_key":{"sensitive":false,"value":"terraform","type":"string"}},"root_module":{}}},"configuration":{"provider_config":{"aws":{"name":"aws","full_name":"registry.terraform.io/hashicorp/aws","version_constraint":"~\u003e 5.0"},"local":{"name":"local","full_name":"registry.terraform.io/hashicorp/local"},"null":{"name":"null","full_name":"registry.terraform.io/hashicorp/null"},"tls":{"name":"tls","full_name":"registry.terraform.io/hashicorp/tls"}},"root_module":{"outputs":{"host_ip":{"expression":{"references":["aws_instance.example-instance.public_ip","aws_instance.example-instance"]}},"host_name":{"expression":{"references":["aws_instance.example-instance.public_dns","aws_instance.example-instance"]}},"ssh_key":{"expression":{"references":["aws_instance.example-instance.key_name","aws_instance.example-instance"]}}},"resources":[{"address":"aws_instance.example-instance","mode":"managed","type":"aws_instance","name":"example-instance","provider_config_key":"aws","expressions":{"ami":{"constant_value":"ami-00ac45f3035ff009e"},"instance_type":{"constant_value":"t2.micro"},"key_name":{"references":["aws_key_pair.generated_key.key_name","aws_key_pair.generated_key"]},"tags":{"constant_value":{"Name":"example-instance"}},"vpc_security_group_ids":{"references":["aws_security_group.instance.id","aws_security_group.instance"]}},"schema_version":1},{"address":"aws_key_pair.generated_key","mode":"managed","type":"aws_key_pair","name":"generated_key","provider_config_key":"aws","expressions":{"key_name":{"references":["var.key_name"]},"public_key":{"references":["tls_private_key.example.public_key_openssh","tls_private_key.example"]}},"schema_version":1},{"address":"aws_security_group.instance","mode":"managed","type":"aws_security_group","name":"instance","provider_config_key":"aws","expressions":{"description":{"constant_value":"Allow inbound traffic"},"egress":{"constant_value":[{"cidr_blocks":["0.0.0.0/0"],"description":null,"from_port":0,"ipv6_cidr_blocks":null,"prefix_list_ids":null,"protocol":"-1","security_groups":null,"self":null,"to_port":0}]},"ingress":{"constant_value":[{"cidr_blocks":["0.0.0.0/0"],"description":null,"from_port":22,"ipv6_cidr_blocks":null,"prefix_list_ids":null,"protocol":"tcp","security_groups":null,"self":null,"to_port":22},{"cidr_blocks":["0.0.0.0/0"],"description":null,"from_port":3000,"ipv6_cidr_blocks":null,"prefix_list_ids":null,"protocol":"tcp","security_groups":null,"self":null,"to_port":3000}]},"name":{"constant_value":"instance"}},"schema_version":1},{"address":"local_file.myKey","mode":"managed","type":"local_file","name":"myKey","provider_config_key":"local","expressions":{"content":{"references":["tls_private_key.example.private_key_pem","tls_private_key.example"]},"filename":{"references":["aws_key_pair.generated_key.key_name","aws_key_pair.generated_key"]}},"schema_version":0},{"address":"null_resource.name","mode":"managed","type":"null_resource","name":"name","provider_config_key":"null","provisioners":[{"type":"file","expressions":{"destination":{"constant_value":"/tmp/script.sh"},"source":{"constant_value":"script.sh"}}},{"type":"remote-exec","expressions":{"inline":{"constant_value":["mv /tmp/script.sh ./script.sh","chmod +x script.sh","sudo ./script.sh"]}}}],"schema_version":0,"depends_on":["aws_instance.example-instance"]},{"address":"tls_private_key.example","mode":"managed","type":"tls_private_key","name":"example","provider_config_key":"tls","expressions":{"algorithm":{"constant_value":"ED25519"}},"schema_version":1}],"variables":{"key_name":{"description":"The name of the key pair to use for the instance"}}}},"relevant_attributes":[{"resource":"aws_key_pair.generated_key","attribute":["key_name"]},{"resource":"tls_private_key.example","attribute":["private_key_pem"]},{"resource":"aws_instance.example-instance","attribute":["key_name"]},{"resource":"aws_instance.example-instance","attribute":["public_dns"]},{"resource":"aws_security_group.instance","attribute":["id"]},{"resource":"aws_instance.example-instance","attribute":["public_ip"]},{"resource":"tls_private_key.example","attribute":["public_key_openssh"]}],"timestamp":"2026-01-27T12:10:09Z","applyable":true,"complete":true,"errored":false}
