data.archive_file.lambda_dummy: Reading...
data.archive_file.lambda_dummy: Read complete after 0s [id=58e93fade67637870be5af38eff8d5aa66c7da49]

Terraform used the selected providers to generate the following execution
plan. Resource actions are indicated with the following symbols:
  + create

Terraform will perform the following actions:

  # aws_cloudwatch_log_group.lambda will be created
  + resource "aws_cloudwatch_log_group" "lambda" {
      + arn               = (known after apply)
      + id                = (known after apply)
      + log_group_class   = (known after apply)
      + name              = "/aws/lambda/reminder-bot-lambda"
      + name_prefix       = (known after apply)
      + retention_in_days = 30
      + skip_destroy      = false
      + tags_all          = {
          + "Environment" = "prod"
          + "ManagedBy"   = "terraform"
          + "Project"     = "reminder-bot"
        }
    }

  # aws_cloudwatch_metric_alarm.lambda_errors will be created
  + resource "aws_cloudwatch_metric_alarm" "lambda_errors" {
      + actions_enabled                       = true
      + alarm_description                     = "Lambda errors > 0"
      + alarm_name                            = "reminder-bot-prod-lambda-errors"
      + arn                                   = (known after apply)
      + comparison_operator                   = "GreaterThanThreshold"
      + dimensions                            = {
          + "FunctionName" = "reminder-bot-lambda"
        }
      + evaluate_low_sample_count_percentiles = (known after apply)
      + evaluation_periods                    = 1
      + id                                    = (known after apply)
      + metric_name                           = "Errors"
      + namespace                             = "AWS/Lambda"
      + period                                = 300
      + statistic                             = "Sum"
      + tags_all                              = {
          + "Environment" = "prod"
          + "ManagedBy"   = "terraform"
          + "Project"     = "reminder-bot"
        }
      + threshold                             = 0
      + treat_missing_data                    = "missing"
    }

  # aws_cloudwatch_metric_alarm.lambda_throttles will be created
  + resource "aws_cloudwatch_metric_alarm" "lambda_throttles" {
      + actions_enabled                       = true
      + alarm_description                     = "Lambda throttles > 0"
      + alarm_name                            = "reminder-bot-prod-lambda-throttles"
      + arn                                   = (known after apply)
      + comparison_operator                   = "GreaterThanThreshold"
      + dimensions                            = {
          + "FunctionName" = "reminder-bot-lambda"
        }
      + evaluate_low_sample_count_percentiles = (known after apply)
      + evaluation_periods                    = 1
      + id                                    = (known after apply)
      + metric_name                           = "Throttles"
      + namespace                             = "AWS/Lambda"
      + period                                = 300
      + statistic                             = "Sum"
      + tags_all                              = {
          + "Environment" = "prod"
          + "ManagedBy"   = "terraform"
          + "Project"     = "reminder-bot"
        }
      + threshold                             = 0
      + treat_missing_data                    = "missing"
    }

  # aws_iam_role.lambda_exec will be created
  + resource "aws_iam_role" "lambda_exec" {
      + arn                   = (known after apply)
      + assume_role_policy    = jsonencode(
            {
              + Statement = [
                  + {
                      + Action    = "sts:AssumeRole"
                      + Effect    = "Allow"
                      + Principal = {
                          + Service = "lambda.amazonaws.com"
                        }
                    },
                ]
              + Version   = "2012-10-17"
            }
        )
      + create_date           = (known after apply)
      + force_detach_policies = false
      + id                    = (known after apply)
      + managed_policy_arns   = (known after apply)
      + max_session_duration  = 3600
      + name                  = "reminder-bot-prod-lambda-exec"
      + name_prefix           = (known after apply)
      + path                  = "/"
      + tags_all              = {
          + "Environment" = "prod"
          + "ManagedBy"   = "terraform"
          + "Project"     = "reminder-bot"
        }
      + unique_id             = (known after apply)

      + inline_policy (known after apply)
    }

  # aws_iam_role.scheduler_invoke will be created
  + resource "aws_iam_role" "scheduler_invoke" {
      + arn                   = (known after apply)
      + assume_role_policy    = jsonencode(
            {
              + Statement = [
                  + {
                      + Action    = "sts:AssumeRole"
                      + Effect    = "Allow"
                      + Principal = {
                          + Service = "scheduler.amazonaws.com"
                        }
                    },
                ]
              + Version   = "2012-10-17"
            }
        )
      + create_date           = (known after apply)
      + force_detach_policies = false
      + id                    = (known after apply)
      + managed_policy_arns   = (known after apply)
      + max_session_duration  = 3600
      + name                  = "reminder-bot-prod-scheduler-invoke"
      + name_prefix           = (known after apply)
      + path                  = "/"
      + tags_all              = {
          + "Environment" = "prod"
          + "ManagedBy"   = "terraform"
          + "Project"     = "reminder-bot"
        }
      + unique_id             = (known after apply)

      + inline_policy (known after apply)
    }

  # aws_iam_role_policy.lambda_exec_inline will be created
  + resource "aws_iam_role_policy" "lambda_exec_inline" {
      + id          = (known after apply)
      + name        = "reminder-bot-prod-lambda-exec"
      + name_prefix = (known after apply)
      + policy      = (known after apply)
      + role        = (known after apply)
    }

  # aws_iam_role_policy.scheduler_invoke will be created
  + resource "aws_iam_role_policy" "scheduler_invoke" {
      + id          = (known after apply)
      + name        = "reminder-bot-prod-scheduler-invoke"
      + name_prefix = (known after apply)
      + policy      = (known after apply)
      + role        = (known after apply)
    }

  # aws_lambda_function.this will be created
  + resource "aws_lambda_function" "this" {
      + architectures                  = (known after apply)
      + arn                            = (known after apply)
      + code_sha256                    = (known after apply)
      + filename                       = "./.dummy/lambda.zip"
      + function_name                  = "reminder-bot-lambda"
      + handler                        = "handler.Handler::handleRequest"
      + id                             = (known after apply)
      + invoke_arn                     = (known after apply)
      + last_modified                  = (known after apply)
      + memory_size                    = 1024
      + package_type                   = "Zip"
      + publish                        = false
      + qualified_arn                  = (known after apply)
      + qualified_invoke_arn           = (known after apply)
      + reserved_concurrent_executions = 1
      + role                           = (known after apply)
      + runtime                        = "java21"
      + signing_job_arn                = (known after apply)
      + signing_profile_version_arn    = (known after apply)
      + skip_destroy                   = false
      + source_code_hash               = "wmbalFzzY/wG3ivChKElOZB3+B4gptmQyIat05p+fU4="
      + source_code_size               = (known after apply)
      + tags_all                       = {
          + "Environment" = "prod"
          + "ManagedBy"   = "terraform"
          + "Project"     = "reminder-bot"
        }
      + timeout                        = 30
      + version                        = (known after apply)

      + environment {
          + variables = (known after apply)
        }

      + ephemeral_storage (known after apply)

      + logging_config (known after apply)

      + tracing_config (known after apply)
    }

  # aws_scheduler_schedule.end_month will be created
  + resource "aws_scheduler_schedule" "end_month" {
      + arn                          = (known after apply)
      + group_name                   = (known after apply)
      + id                           = (known after apply)
      + name                         = "reminder-bot-prod-end-month"
      + name_prefix                  = (known after apply)
      + schedule_expression          = "cron(0 9 L * ? *)"
      + schedule_expression_timezone = "UTC"
      + state                        = "ENABLED"

      + flexible_time_window {
          + mode = "OFF"
        }

      + target {
          + arn      = (known after apply)
          + input    = jsonencode(
                {
                  + reminder_type = "end_month"
                }
            )
          + role_arn = (known after apply)
        }
    }

  # aws_scheduler_schedule.half_month will be created
  + resource "aws_scheduler_schedule" "half_month" {
      + arn                          = (known after apply)
      + group_name                   = (known after apply)
      + id                           = (known after apply)
      + name                         = "reminder-bot-prod-half-month"
      + name_prefix                  = (known after apply)
      + schedule_expression          = "cron(0 9 15 * ? *)"
      + schedule_expression_timezone = "UTC"
      + state                        = "ENABLED"

      + flexible_time_window {
          + mode = "OFF"
        }

      + target {
          + arn      = (known after apply)
          + input    = jsonencode(
                {
                  + reminder_type = "half_month"
                }
            )
          + role_arn = (known after apply)
        }
    }

  # aws_secretsmanager_secret.telegram_bot_token will be created
  + resource "aws_secretsmanager_secret" "telegram_bot_token" {
      + arn                            = (known after apply)
      + force_overwrite_replica_secret = false
      + id                             = (known after apply)
      + name                           = "reminder-bot-prod/telegram/bot_token"
      + name_prefix                    = (known after apply)
      + policy                         = (known after apply)
      + recovery_window_in_days        = 7
      + tags_all                       = {
          + "Environment" = "prod"
          + "ManagedBy"   = "terraform"
          + "Project"     = "reminder-bot"
        }

      + replica (known after apply)
    }

  # aws_secretsmanager_secret_version.telegram_bot_token will be created
  + resource "aws_secretsmanager_secret_version" "telegram_bot_token" {
      + arn                  = (known after apply)
      + has_secret_string_wo = (known after apply)
      + id                   = (known after apply)
      + secret_id            = (known after apply)
      + secret_string        = (sensitive value)
      + secret_string_wo     = (write-only attribute)
      + version_id           = (known after apply)
      + version_stages       = (known after apply)
    }

  # aws_ssm_parameter.end_month_message will be created
  + resource "aws_ssm_parameter" "end_month_message" {
      + arn            = (known after apply)
      + data_type      = (known after apply)
      + has_value_wo   = (known after apply)
      + id             = (known after apply)
      + insecure_value = (known after apply)
      + key_id         = (known after apply)
      + name           = "/reminder-bot-prod/messages/end_month"
      + tags_all       = {
          + "Environment" = "prod"
          + "ManagedBy"   = "terraform"
          + "Project"     = "reminder-bot"
        }
      + tier           = (known after apply)
      + type           = "String"
      + value          = (sensitive value)
      + value_wo       = (write-only attribute)
      + version        = (known after apply)
    }

  # aws_ssm_parameter.half_month_message will be created
  + resource "aws_ssm_parameter" "half_month_message" {
      + arn            = (known after apply)
      + data_type      = (known after apply)
      + has_value_wo   = (known after apply)
      + id             = (known after apply)
      + insecure_value = (known after apply)
      + key_id         = (known after apply)
      + name           = "/reminder-bot-prod/messages/half_month"
      + tags_all       = {
          + "Environment" = "prod"
          + "ManagedBy"   = "terraform"
          + "Project"     = "reminder-bot"
        }
      + tier           = (known after apply)
      + type           = "String"
      + value          = (sensitive value)
      + value_wo       = (write-only attribute)
      + version        = (known after apply)
    }

  # aws_ssm_parameter.telegram_chat_id will be created
  + resource "aws_ssm_parameter" "telegram_chat_id" {
      + arn            = (known after apply)
      + data_type      = (known after apply)
      + has_value_wo   = (known after apply)
      + id             = (known after apply)
      + insecure_value = (known after apply)
      + key_id         = (known after apply)
      + name           = "/reminder-bot-prod/telegram/chat_id"
      + tags_all       = {
          + "Environment" = "prod"
          + "ManagedBy"   = "terraform"
          + "Project"     = "reminder-bot"
        }
      + tier           = (known after apply)
      + type           = "String"
      + value          = (sensitive value)
      + value_wo       = (write-only attribute)
      + version        = (known after apply)
    }

Plan: 15 to add, 0 to change, 0 to destroy.

Changes to Outputs:
  + lambda_function_arn           = (known after apply)
  + lambda_function_name          = "reminder-bot-lambda"
  + scheduler_schedule_names      = {
      + end_month  = "reminder-bot-prod-end-month"
      + half_month = "reminder-bot-prod-half-month"
    }
  + ssm_parameter_names           = {
      + chat_id            = "/reminder-bot-prod/telegram/chat_id"
      + end_month_message  = "/reminder-bot-prod/messages/end_month"
      + half_month_message = "/reminder-bot-prod/messages/half_month"
    }
  + telegram_bot_token_secret_arn = (known after apply)
aws_secretsmanager_secret.telegram_bot_token: Creating...
aws_cloudwatch_log_group.lambda: Creating...
aws_iam_role.scheduler_invoke: Creating...
aws_iam_role.lambda_exec: Creating...
aws_ssm_parameter.telegram_chat_id: Creating...
aws_ssm_parameter.end_month_message: Creating...
aws_ssm_parameter.half_month_message: Creating...
aws_secretsmanager_secret.telegram_bot_token: Creation complete after 0s [id=arn:aws:secretsmanager:us-east-1:000000000000:secret:reminder-bot-prod/telegram/bot_token-TCbOvV]
aws_secretsmanager_secret_version.telegram_bot_token: Creating...
aws_secretsmanager_secret_version.telegram_bot_token: Creation complete after 0s [id=arn:aws:secretsmanager:us-east-1:000000000000:secret:reminder-bot-prod/telegram/bot_token-TCbOvV|terraform-20260127142048066600000002]
aws_iam_role.lambda_exec: Creation complete after 0s [id=reminder-bot-prod-lambda-exec]
aws_iam_role.scheduler_invoke: Creation complete after 0s [id=reminder-bot-prod-scheduler-invoke]
aws_cloudwatch_log_group.lambda: Creation complete after 0s [id=/aws/lambda/reminder-bot-lambda]
aws_ssm_parameter.telegram_chat_id: Creation complete after 0s [id=/reminder-bot-prod/telegram/chat_id]
aws_ssm_parameter.half_month_message: Creation complete after 1s [id=/reminder-bot-prod/messages/half_month]
aws_ssm_parameter.end_month_message: Creation complete after 1s [id=/reminder-bot-prod/messages/end_month]
aws_iam_role_policy.lambda_exec_inline: Creating...
aws_lambda_function.this: Creating...
aws_iam_role_policy.lambda_exec_inline: Creation complete after 0s [id=reminder-bot-prod-lambda-exec:reminder-bot-prod-lambda-exec]
aws_lambda_function.this: Creation complete after 6s [id=reminder-bot-lambda]
aws_iam_role_policy.scheduler_invoke: Creating...
aws_scheduler_schedule.end_month: Creating...
aws_scheduler_schedule.half_month: Creating...
aws_cloudwatch_metric_alarm.lambda_errors: Creating...
aws_cloudwatch_metric_alarm.lambda_throttles: Creating...
aws_iam_role_policy.scheduler_invoke: Creation complete after 0s [id=reminder-bot-prod-scheduler-invoke:reminder-bot-prod-scheduler-invoke]
aws_cloudwatch_metric_alarm.lambda_throttles: Creation complete after 0s [id=reminder-bot-prod-lambda-throttles]
aws_cloudwatch_metric_alarm.lambda_errors: Creation complete after 0s [id=reminder-bot-prod-lambda-errors]
aws_scheduler_schedule.end_month: Creation complete after 2s [id=default/reminder-bot-prod-end-month]
aws_scheduler_schedule.half_month: Creation complete after 2s [id=default/reminder-bot-prod-half-month]

Apply complete! Resources: 15 added, 0 changed, 0 destroyed.

Outputs:

lambda_function_arn = "arn:aws:lambda:us-east-1:000000000000:function:reminder-bot-lambda"
lambda_function_name = "reminder-bot-lambda"
scheduler_schedule_names = {
  "end_month" = "reminder-bot-prod-end-month"
  "half_month" = "reminder-bot-prod-half-month"
}
ssm_parameter_names = {
  "chat_id" = "/reminder-bot-prod/telegram/chat_id"
  "end_month_message" = "/reminder-bot-prod/messages/end_month"
  "half_month_message" = "/reminder-bot-prod/messages/half_month"
}
telegram_bot_token_secret_arn = "arn:aws:secretsmanager:us-east-1:000000000000:secret:reminder-bot-prod/telegram/bot_token-TCbOvV"
