{"format_version":"1.2","terraform_version":"1.13.5","variables":{"alarm_email":{"value":null},"aws_region":{"value":"us-east-1"},"create_github_oidc":{"value":false},"enable_sns_alarm_notifications":{"value":false},"end_month_message":{"value":"ai-tf"},"environment":{"value":"prod"},"github_org":{"value":null},"github_repo":{"value":null},"half_month_message":{"value":"ai-tf"},"lambda_function_name":{"value":"reminder-bot-lambda"},"lambda_handler":{"value":"handler.Handler::handleRequest"},"lambda_log_retention_days":{"value":30},"lambda_memory_size":{"value":1024},"lambda_package_path":{"value":"./build/lambda.zip"},"lambda_reserved_concurrency":{"value":1},"lambda_runtime":{"value":"java21"},"lambda_timeout_seconds":{"value":30},"project_name":{"value":"reminder-bot"},"schedule_end_month_cron":{"value":"cron(0 9 L * ? *)"},"schedule_half_month_cron":{"value":"cron(0 9 15 * ? *)"},"telegram_bot_token":{"value":"ai-tf"},"telegram_chat_id":{"value":"ai-tf"}},"planned_values":{"outputs":{"github_deploy_role_arn":{"sensitive":false,"type":"dynamic","value":null},"lambda_function_arn":{"sensitive":false},"lambda_function_name":{"sensitive":false,"type":"string","value":"reminder-bot-lambda"},"scheduler_schedule_names":{"sensitive":false,"type":["object",{"end_month":"string","half_month":"string"}],"value":{"end_month":"reminder-bot-prod-end-month","half_month":"reminder-bot-prod-half-month"}},"ssm_parameter_names":{"sensitive":false,"type":["object",{"chat_id":"string","end_month_message":"string","half_month_message":"string"}],"value":{"chat_id":"/reminder-bot-prod/telegram/chat_id","end_month_message":"/reminder-bot-prod/messages/end_month","half_month_message":"/reminder-bot-prod/messages/half_month"}},"telegram_bot_token_secret_arn":{"sensitive":false}},"root_module":{"resources":[{"address":"aws_cloudwatch_log_group.lambda","mode":"managed","type":"aws_cloudwatch_log_group","name":"lambda","provider_name":"registry.terraform.io/hashicorp/aws","schema_version":0,"values":{"kms_key_id":null,"name":"/aws/lambda/reminder-bot-lambda","retention_in_days":30,"skip_destroy":false,"tags":null,"tags_all":{"Environment":"prod","ManagedBy":"terraform","Project":"reminder-bot"}},"sensitive_values":{"tags_all":{}}},{"address":"aws_cloudwatch_metric_alarm.lambda_errors","mode":"managed","type":"aws_cloudwatch_metric_alarm","name":"lambda_errors","provider_name":"registry.terraform.io/hashicorp/aws","schema_version":1,"values":{"actions_enabled":true,"alarm_actions":null,"alarm_description":"Lambda errors \u003e 0","alarm_name":"reminder-bot-prod-lambda-errors","comparison_operator":"GreaterThanThreshold","datapoints_to_alarm":null,"dimensions":{"FunctionName":"reminder-bot-lambda"},"evaluation_periods":1,"extended_statistic":null,"insufficient_data_actions":null,"metric_name":"Errors","metric_query":[],"namespace":"AWS/Lambda","ok_actions":null,"period":300,"statistic":"Sum","tags":null,"tags_all":{"Environment":"prod","ManagedBy":"terraform","Project":"reminder-bot"},"threshold":0,"threshold_metric_id":null,"treat_missing_data":"missing","unit":null},"sensitive_values":{"dimensions":{},"metric_query":[],"tags_all":{}}},{"address":"aws_cloudwatch_metric_alarm.lambda_throttles","mode":"managed","type":"aws_cloudwatch_metric_alarm","name":"lambda_throttles","provider_name":"registry.terraform.io/hashicorp/aws","schema_version":1,"values":{"actions_enabled":true,"alarm_actions":null,"alarm_description":"Lambda throttles \u003e 0","alarm_name":"reminder-bot-prod-lambda-throttles","comparison_operator":"GreaterThanThreshold","datapoints_to_alarm":null,"dimensions":{"FunctionName":"reminder-bot-lambda"},"evaluation_periods":1,"extended_statistic":null,"insufficient_data_actions":null,"metric_name":"Throttles","metric_query":[],"namespace":"AWS/Lambda","ok_actions":null,"period":300,"statistic":"Sum","tags":null,"tags_all":{"Environment":"prod","ManagedBy":"terraform","Project":"reminder-bot"},"threshold":0,"threshold_metric_id":null,"treat_missing_data":"missing","unit":null},"sensitive_values":{"dimensions":{},"metric_query":[],"tags_all":{}}},{"address":"aws_iam_role.lambda_exec","mode":"managed","type":"aws_iam_role","name":"lambda_exec","provider_name":"registry.terraform.io/hashicorp/aws","schema_version":0,"values":{"assume_role_policy":"{\"Statement\":[{\"Action\":\"sts:AssumeRole\",\"Effect\":\"Allow\",\"Principal\":{\"Service\":\"lambda.amazonaws.com\"}}],\"Version\":\"2012-10-17\"}","description":null,"force_detach_policies":false,"max_session_duration":3600,"name":"reminder-bot-prod-lambda-exec","path":"/","permissions_boundary":null,"tags":null,"tags_all":{"Environment":"prod","ManagedBy":"terraform","Project":"reminder-bot"}},"sensitive_values":{"inline_policy":[],"managed_policy_arns":[],"tags_all":{}}},{"address":"aws_iam_role.scheduler_invoke","mode":"managed","type":"aws_iam_role","name":"scheduler_invoke","provider_name":"registry.terraform.io/hashicorp/aws","schema_version":0,"values":{"assume_role_policy":"{\"Statement\":[{\"Action\":\"sts:AssumeRole\",\"Effect\":\"Allow\",\"Principal\":{\"Service\":\"scheduler.amazonaws.com\"}}],\"Version\":\"2012-10-17\"}","description":null,"force_detach_policies":false,"max_session_duration":3600,"name":"reminder-bot-prod-scheduler-invoke","path":"/","permissions_boundary":null,"tags":null,"tags_all":{"Environment":"prod","ManagedBy":"terraform","Project":"reminder-bot"}},"sensitive_values":{"inline_policy":[],"managed_policy_arns":[],"tags_all":{}}},{"address":"aws_iam_role_policy.lambda_exec_inline","mode":"managed","type":"aws_iam_role_policy","name":"lambda_exec_inline","provider_name":"registry.terraform.io/hashicorp/aws","schema_version":0,"values":{"name":"reminder-bot-prod-lambda-exec"},"sensitive_values":{}},{"address":"aws_iam_role_policy.scheduler_invoke","mode":"managed","type":"aws_iam_role_policy","name":"scheduler_invoke","provider_name":"registry.terraform.io/hashicorp/aws","schema_version":0,"values":{"name":"reminder-bot-prod-scheduler-invoke"},"sensitive_values":{}},{"address":"aws_lambda_function.this","mode":"managed","type":"aws_lambda_function","name":"this","provider_name":"registry.terraform.io/hashicorp/aws","schema_version":0,"values":{"code_signing_config_arn":null,"dead_letter_config":[],"description":null,"environment":[{}],"file_system_config":[],"filename":"./.dummy/lambda.zip","function_name":"reminder-bot-lambda","handler":"handler.Handler::handleRequest","image_config":[],"image_uri":null,"kms_key_arn":null,"layers":null,"memory_size":1024,"package_type":"Zip","publish":false,"replace_security_groups_on_destroy":null,"replacement_security_group_ids":null,"reserved_concurrent_executions":1,"runtime":"java21","s3_bucket":null,"s3_key":null,"s3_object_version":null,"skip_destroy":false,"snap_start":[],"source_code_hash":"wmbalFzzY/wG3ivChKElOZB3+B4gptmQyIat05p+fU4=","tags":null,"tags_all":{"Environment":"prod","ManagedBy":"terraform","Project":"reminder-bot"},"timeout":30,"timeouts":null,"vpc_config":[]},"sensitive_values":{"architectures":[],"dead_letter_config":[],"environment":[{"variables":{}}],"ephemeral_storage":[],"file_system_config":[],"image_config":[],"logging_config":[],"snap_start":[],"tags_all":{},"tracing_config":[],"vpc_config":[]}},{"address":"aws_scheduler_schedule.end_month","mode":"managed","type":"aws_scheduler_schedule","name":"end_month","provider_name":"registry.terraform.io/hashicorp/aws","schema_version":0,"values":{"description":null,"end_date":null,"flexible_time_window":[{"maximum_window_in_minutes":null,"mode":"OFF"}],"kms_key_arn":null,"name":"reminder-bot-prod-end-month","schedule_expression":"cron(0 9 L * ? *)","schedule_expression_timezone":"UTC","start_date":null,"state":"ENABLED","target":[{"dead_letter_config":[],"ecs_parameters":[],"eventbridge_parameters":[],"input":"{\"reminder_type\":\"end_month\"}","kinesis_parameters":[],"retry_policy":[],"sagemaker_pipeline_parameters":[],"sqs_parameters":[]}]},"sensitive_values":{"flexible_time_window":[{}],"target":[{"dead_letter_config":[],"ecs_parameters":[],"eventbridge_parameters":[],"kinesis_parameters":[],"retry_policy":[],"sagemaker_pipeline_parameters":[],"sqs_parameters":[]}]}},{"address":"aws_scheduler_schedule.half_month","mode":"managed","type":"aws_scheduler_schedule","name":"half_month","provider_name":"registry.terraform.io/hashicorp/aws","schema_version":0,"values":{"description":null,"end_date":null,"flexible_time_window":[{"maximum_window_in_minutes":null,"mode":"OFF"}],"kms_key_arn":null,"name":"reminder-bot-prod-half-month","schedule_expression":"cron(0 9 15 * ? *)","schedule_expression_timezone":"UTC","start_date":null,"state":"ENABLED","target":[{"dead_letter_config":[],"ecs_parameters":[],"eventbridge_parameters":[],"input":"{\"reminder_type\":\"half_month\"}","kinesis_parameters":[],"retry_policy":[],"sagemaker_pipeline_parameters":[],"sqs_parameters":[]}]},"sensitive_values":{"flexible_time_window":[{}],"target":[{"dead_letter_config":[],"ecs_parameters":[],"eventbridge_parameters":[],"kinesis_parameters":[],"retry_policy":[],"sagemaker_pipeline_parameters":[],"sqs_parameters":[]}]}},{"address":"aws_secretsmanager_secret.telegram_bot_token","mode":"managed","type":"aws_secretsmanager_secret","name":"telegram_bot_token","provider_name":"registry.terraform.io/hashicorp/aws","schema_version":0,"values":{"description":null,"force_overwrite_replica_secret":false,"kms_key_id":null,"name":"reminder-bot-prod/telegram/bot_token","recovery_window_in_days":7,"tags":null,"tags_all":{"Environment":"prod","ManagedBy":"terraform","Project":"reminder-bot"}},"sensitive_values":{"replica":[],"tags_all":{}}},{"address":"aws_secretsmanager_secret_version.telegram_bot_token","mode":"managed","type":"aws_secretsmanager_secret_version","name":"telegram_bot_token","provider_name":"registry.terraform.io/hashicorp/aws","schema_version":0,"values":{"secret_binary":null,"secret_string":"ai-tf","secret_string_wo":null,"secret_string_wo_version":null},"sensitive_values":{"secret_binary":true,"secret_string":true,"secret_string_wo":true,"version_stages":[]}},{"address":"aws_ssm_parameter.end_month_message","mode":"managed","type":"aws_ssm_parameter","name":"end_month_message","provider_name":"registry.terraform.io/hashicorp/aws","schema_version":0,"values":{"allowed_pattern":null,"description":null,"name":"/reminder-bot-prod/messages/end_month","overwrite":null,"tags":null,"tags_all":{"Environment":"prod","ManagedBy":"terraform","Project":"reminder-bot"},"type":"String","value":"ai-tf","value_wo":null,"value_wo_version":null},"sensitive_values":{"tags_all":{},"value":true,"value_wo":true}},{"address":"aws_ssm_parameter.half_month_message","mode":"managed","type":"aws_ssm_parameter","name":"half_month_message","provider_name":"registry.terraform.io/hashicorp/aws","schema_version":0,"values":{"allowed_pattern":null,"description":null,"name":"/reminder-bot-prod/messages/half_month","overwrite":null,"tags":null,"tags_all":{"Environment":"prod","ManagedBy":"terraform","Project":"reminder-bot"},"type":"String","value":"ai-tf","value_wo":null,"value_wo_version":null},"sensitive_values":{"tags_all":{},"value":true,"value_wo":true}},{"address":"aws_ssm_parameter.telegram_chat_id","mode":"managed","type":"aws_ssm_parameter","name":"telegram_chat_id","provider_name":"registry.terraform.io/hashicorp/aws","schema_version":0,"values":{"allowed_pattern":null,"description":null,"name":"/reminder-bot-prod/telegram/chat_id","overwrite":null,"tags":null,"tags_all":{"Environment":"prod","ManagedBy":"terraform","Project":"reminder-bot"},"type":"String","value":"ai-tf","value_wo":null,"value_wo_version":null},"sensitive_values":{"tags_all":{},"value":true,"value_wo":true}}]}},"resource_changes":[{"address":"aws_cloudwatch_log_group.lambda","mode":"managed","type":"aws_cloudwatch_log_group","name":"lambda","provider_name":"registry.terraform.io/hashicorp/aws","change":{"actions":["create"],"before":null,"after":{"kms_key_id":null,"name":"/aws/lambda/reminder-bot-lambda","retention_in_days":30,"skip_destroy":false,"tags":null,"tags_all":{"Environment":"prod","ManagedBy":"terraform","Project":"reminder-bot"}},"after_unknown":{"arn":true,"id":true,"log_group_class":true,"name_prefix":true,"tags_all":{}},"before_sensitive":false,"after_sensitive":{"tags_all":{}}}},{"address":"aws_cloudwatch_metric_alarm.lambda_errors","mode":"managed","type":"aws_cloudwatch_metric_alarm","name":"lambda_errors","provider_name":"registry.terraform.io/hashicorp/aws","change":{"actions":["create"],"before":null,"after":{"actions_enabled":true,"alarm_actions":null,"alarm_description":"Lambda errors \u003e 0","alarm_name":"reminder-bot-prod-lambda-errors","comparison_operator":"GreaterThanThreshold","datapoints_to_alarm":null,"dimensions":{"FunctionName":"reminder-bot-lambda"},"evaluation_periods":1,"extended_statistic":null,"insufficient_data_actions":null,"metric_name":"Errors","metric_query":[],"namespace":"AWS/Lambda","ok_actions":null,"period":300,"statistic":"Sum","tags":null,"tags_all":{"Environment":"prod","ManagedBy":"terraform","Project":"reminder-bot"},"threshold":0,"threshold_metric_id":null,"treat_missing_data":"missing","unit":null},"after_unknown":{"arn":true,"dimensions":{},"evaluate_low_sample_count_percentiles":true,"id":true,"metric_query":[],"tags_all":{}},"before_sensitive":false,"after_sensitive":{"dimensions":{},"metric_query":[],"tags_all":{}}}},{"address":"aws_cloudwatch_metric_alarm.lambda_throttles","mode":"managed","type":"aws_cloudwatch_metric_alarm","name":"lambda_throttles","provider_name":"registry.terraform.io/hashicorp/aws","change":{"actions":["create"],"before":null,"after":{"actions_enabled":true,"alarm_actions":null,"alarm_description":"Lambda throttles \u003e 0","alarm_name":"reminder-bot-prod-lambda-throttles","comparison_operator":"GreaterThanThreshold","datapoints_to_alarm":null,"dimensions":{"FunctionName":"reminder-bot-lambda"},"evaluation_periods":1,"extended_statistic":null,"insufficient_data_actions":null,"metric_name":"Throttles","metric_query":[],"namespace":"AWS/Lambda","ok_actions":null,"period":300,"statistic":"Sum","tags":null,"tags_all":{"Environment":"prod","ManagedBy":"terraform","Project":"reminder-bot"},"threshold":0,"threshold_metric_id":null,"treat_missing_data":"missing","unit":null},"after_unknown":{"arn":true,"dimensions":{},"evaluate_low_sample_count_percentiles":true,"id":true,"metric_query":[],"tags_all":{}},"before_sensitive":false,"after_sensitive":{"dimensions":{},"metric_query":[],"tags_all":{}}}},{"address":"aws_iam_role.lambda_exec","mode":"managed","type":"aws_iam_role","name":"lambda_exec","provider_name":"registry.terraform.io/hashicorp/aws","change":{"actions":["create"],"before":null,"after":{"assume_role_policy":"{\"Statement\":[{\"Action\":\"sts:AssumeRole\",\"Effect\":\"Allow\",\"Principal\":{\"Service\":\"lambda.amazonaws.com\"}}],\"Version\":\"2012-10-17\"}","description":null,"force_detach_policies":false,"max_session_duration":3600,"name":"reminder-bot-prod-lambda-exec","path":"/","permissions_boundary":null,"tags":null,"tags_all":{"Environment":"prod","ManagedBy":"terraform","Project":"reminder-bot"}},"after_unknown":{"arn":true,"create_date":true,"id":true,"inline_policy":true,"managed_policy_arns":true,"name_prefix":true,"tags_all":{},"unique_id":true},"before_sensitive":false,"after_sensitive":{"inline_policy":[],"managed_policy_arns":[],"tags_all":{}}}},{"address":"aws_iam_role.scheduler_invoke","mode":"managed","type":"aws_iam_role","name":"scheduler_invoke","provider_name":"registry.terraform.io/hashicorp/aws","change":{"actions":["create"],"before":null,"after":{"assume_role_policy":"{\"Statement\":[{\"Action\":\"sts:AssumeRole\",\"Effect\":\"Allow\",\"Principal\":{\"Service\":\"scheduler.amazonaws.com\"}}],\"Version\":\"2012-10-17\"}","description":null,"force_detach_policies":false,"max_session_duration":3600,"name":"reminder-bot-prod-scheduler-invoke","path":"/","permissions_boundary":null,"tags":null,"tags_all":{"Environment":"prod","ManagedBy":"terraform","Project":"reminder-bot"}},"after_unknown":{"arn":true,"create_date":true,"id":true,"inline_policy":true,"managed_policy_arns":true,"name_prefix":true,"tags_all":{},"unique_id":true},"before_sensitive":false,"after_sensitive":{"inline_policy":[],"managed_policy_arns":[],"tags_all":{}}}},{"address":"aws_iam_role_policy.lambda_exec_inline","mode":"managed","type":"aws_iam_role_policy","name":"lambda_exec_inline","provider_name":"registry.terraform.io/hashicorp/aws","change":{"actions":["create"],"before":null,"after":{"name":"reminder-bot-prod-lambda-exec"},"after_unknown":{"id":true,"name_prefix":true,"policy":true,"role":true},"before_sensitive":false,"after_sensitive":{}}},{"address":"aws_iam_role_policy.scheduler_invoke","mode":"managed","type":"aws_iam_role_policy","name":"scheduler_invoke","provider_name":"registry.terraform.io/hashicorp/aws","change":{"actions":["create"],"before":null,"after":{"name":"reminder-bot-prod-scheduler-invoke"},"after_unknown":{"id":true,"name_prefix":true,"policy":true,"role":true},"before_sensitive":false,"after_sensitive":{}}},{"address":"aws_lambda_function.this","mode":"managed","type":"aws_lambda_function","name":"this","provider_name":"registry.terraform.io/hashicorp/aws","change":{"actions":["create"],"before":null,"after":{"code_signing_config_arn":null,"dead_letter_config":[],"description":null,"environment":[{}],"file_system_config":[],"filename":"./.dummy/lambda.zip","function_name":"reminder-bot-lambda","handler":"handler.Handler::handleRequest","image_config":[],"image_uri":null,"kms_key_arn":null,"layers":null,"memory_size":1024,"package_type":"Zip","publish":false,"replace_security_groups_on_destroy":null,"replacement_security_group_ids":null,"reserved_concurrent_executions":1,"runtime":"java21","s3_bucket":null,"s3_key":null,"s3_object_version":null,"skip_destroy":false,"snap_start":[],"source_code_hash":"wmbalFzzY/wG3ivChKElOZB3+B4gptmQyIat05p+fU4=","tags":null,"tags_all":{"Environment":"prod","ManagedBy":"terraform","Project":"reminder-bot"},"timeout":30,"timeouts":null,"vpc_config":[]},"after_unknown":{"architectures":true,"arn":true,"code_sha256":true,"dead_letter_config":[],"environment":[{"variables":true}],"ephemeral_storage":true,"file_system_config":[],"id":true,"image_config":[],"invoke_arn":true,"last_modified":true,"logging_config":true,"qualified_arn":true,"qualified_invoke_arn":true,"role":true,"signing_job_arn":true,"signing_profile_version_arn":true,"snap_start":[],"source_code_size":true,"tags_all":{},"tracing_config":true,"version":true,"vpc_config":[]},"before_sensitive":false,"after_sensitive":{"architectures":[],"dead_letter_config":[],"environment":[{"variables":{}}],"ephemeral_storage":[],"file_system_config":[],"image_config":[],"logging_config":[],"snap_start":[],"tags_all":{},"tracing_config":[],"vpc_config":[]}}},{"address":"aws_scheduler_schedule.end_month","mode":"managed","type":"aws_scheduler_schedule","name":"end_month","provider_name":"registry.terraform.io/hashicorp/aws","change":{"actions":["create"],"before":null,"after":{"description":null,"end_date":null,"flexible_time_window":[{"maximum_window_in_minutes":null,"mode":"OFF"}],"kms_key_arn":null,"name":"reminder-bot-prod-end-month","schedule_expression":"cron(0 9 L * ? *)","schedule_expression_timezone":"UTC","start_date":null,"state":"ENABLED","target":[{"dead_letter_config":[],"ecs_parameters":[],"eventbridge_parameters":[],"input":"{\"reminder_type\":\"end_month\"}","kinesis_parameters":[],"retry_policy":[],"sagemaker_pipeline_parameters":[],"sqs_parameters":[]}]},"after_unknown":{"arn":true,"flexible_time_window":[{}],"group_name":true,"id":true,"name_prefix":true,"target":[{"arn":true,"dead_letter_config":[],"ecs_parameters":[],"eventbridge_parameters":[],"kinesis_parameters":[],"retry_policy":[],"role_arn":true,"sagemaker_pipeline_parameters":[],"sqs_parameters":[]}]},"before_sensitive":false,"after_sensitive":{"flexible_time_window":[{}],"target":[{"dead_letter_config":[],"ecs_parameters":[],"eventbridge_parameters":[],"kinesis_parameters":[],"retry_policy":[],"sagemaker_pipeline_parameters":[],"sqs_parameters":[]}]}}},{"address":"aws_scheduler_schedule.half_month","mode":"managed","type":"aws_scheduler_schedule","name":"half_month","provider_name":"registry.terraform.io/hashicorp/aws","change":{"actions":["create"],"before":null,"after":{"description":null,"end_date":null,"flexible_time_window":[{"maximum_window_in_minutes":null,"mode":"OFF"}],"kms_key_arn":null,"name":"reminder-bot-prod-half-month","schedule_expression":"cron(0 9 15 * ? *)","schedule_expression_timezone":"UTC","start_date":null,"state":"ENABLED","target":[{"dead_letter_config":[],"ecs_parameters":[],"eventbridge_parameters":[],"input":"{\"reminder_type\":\"half_month\"}","kinesis_parameters":[],"retry_policy":[],"sagemaker_pipeline_parameters":[],"sqs_parameters":[]}]},"after_unknown":{"arn":true,"flexible_time_window":[{}],"group_name":true,"id":true,"name_prefix":true,"target":[{"arn":true,"dead_letter_config":[],"ecs_parameters":[],"eventbridge_parameters":[],"kinesis_parameters":[],"retry_policy":[],"role_arn":true,"sagemaker_pipeline_parameters":[],"sqs_parameters":[]}]},"before_sensitive":false,"after_sensitive":{"flexible_time_window":[{}],"target":[{"dead_letter_config":[],"ecs_parameters":[],"eventbridge_parameters":[],"kinesis_parameters":[],"retry_policy":[],"sagemaker_pipeline_parameters":[],"sqs_parameters":[]}]}}},{"address":"aws_secretsmanager_secret.telegram_bot_token","mode":"managed","type":"aws_secretsmanager_secret","name":"telegram_bot_token","provider_name":"registry.terraform.io/hashicorp/aws","change":{"actions":["create"],"before":null,"after":{"description":null,"force_overwrite_replica_secret":false,"kms_key_id":null,"name":"reminder-bot-prod/telegram/bot_token","recovery_window_in_days":7,"tags":null,"tags_all":{"Environment":"prod","ManagedBy":"terraform","Project":"reminder-bot"}},"after_unknown":{"arn":true,"id":true,"name_prefix":true,"policy":true,"replica":true,"tags_all":{}},"before_sensitive":false,"after_sensitive":{"replica":[],"tags_all":{}}}},{"address":"aws_secretsmanager_secret_version.telegram_bot_token","mode":"managed","type":"aws_secretsmanager_secret_version","name":"telegram_bot_token","provider_name":"registry.terraform.io/hashicorp/aws","change":{"actions":["create"],"before":null,"after":{"secret_binary":null,"secret_string":"ai-tf","secret_string_wo":null,"secret_string_wo_version":null},"after_unknown":{"arn":true,"has_secret_string_wo":true,"id":true,"secret_id":true,"version_id":true,"version_stages":true},"before_sensitive":false,"after_sensitive":{"secret_binary":true,"secret_string":true,"secret_string_wo":true,"version_stages":[]}}},{"address":"aws_ssm_parameter.end_month_message","mode":"managed","type":"aws_ssm_parameter","name":"end_month_message","provider_name":"registry.terraform.io/hashicorp/aws","change":{"actions":["create"],"before":null,"after":{"allowed_pattern":null,"description":null,"name":"/reminder-bot-prod/messages/end_month","overwrite":null,"tags":null,"tags_all":{"Environment":"prod","ManagedBy":"terraform","Project":"reminder-bot"},"type":"String","value":"ai-tf","value_wo":null,"value_wo_version":null},"after_unknown":{"arn":true,"data_type":true,"has_value_wo":true,"id":true,"insecure_value":true,"key_id":true,"tags_all":{},"tier":true,"version":true},"before_sensitive":false,"after_sensitive":{"tags_all":{},"value":true,"value_wo":true}}},{"address":"aws_ssm_parameter.half_month_message","mode":"managed","type":"aws_ssm_parameter","name":"half_month_message","provider_name":"registry.terraform.io/hashicorp/aws","change":{"actions":["create"],"before":null,"after":{"allowed_pattern":null,"description":null,"name":"/reminder-bot-prod/messages/half_month","overwrite":null,"tags":null,"tags_all":{"Environment":"prod","ManagedBy":"terraform","Project":"reminder-bot"},"type":"String","value":"ai-tf","value_wo":null,"value_wo_version":null},"after_unknown":{"arn":true,"data_type":true,"has_value_wo":true,"id":true,"insecure_value":true,"key_id":true,"tags_all":{},"tier":true,"version":true},"before_sensitive":false,"after_sensitive":{"tags_all":{},"value":true,"value_wo":true}}},{"address":"aws_ssm_parameter.telegram_chat_id","mode":"managed","type":"aws_ssm_parameter","name":"telegram_chat_id","provider_name":"registry.terraform.io/hashicorp/aws","change":{"actions":["create"],"before":null,"after":{"allowed_pattern":null,"description":null,"name":"/reminder-bot-prod/telegram/chat_id","overwrite":null,"tags":null,"tags_all":{"Environment":"prod","ManagedBy":"terraform","Project":"reminder-bot"},"type":"String","value":"ai-tf","value_wo":null,"value_wo_version":null},"after_unknown":{"arn":true,"data_type":true,"has_value_wo":true,"id":true,"insecure_value":true,"key_id":true,"tags_all":{},"tier":true,"version":true},"before_sensitive":false,"after_sensitive":{"tags_all":{},"value":true,"value_wo":true}}}],"output_changes":{"github_deploy_role_arn":{"actions":["no-op"],"before":null,"after":null,"after_unknown":false,"before_sensitive":false,"after_sensitive":false},"lambda_function_arn":{"actions":["create"],"before":null,"after_unknown":true,"before_sensitive":false,"after_sensitive":false},"lambda_function_name":{"actions":["create"],"before":null,"after":"reminder-bot-lambda","after_unknown":false,"before_sensitive":false,"after_sensitive":false},"scheduler_schedule_names":{"actions":["create"],"before":null,"after":{"end_month":"reminder-bot-prod-end-month","half_month":"reminder-bot-prod-half-month"},"after_unknown":false,"before_sensitive":false,"after_sensitive":false},"ssm_parameter_names":{"actions":["create"],"before":null,"after":{"chat_id":"/reminder-bot-prod/telegram/chat_id","end_month_message":"/reminder-bot-prod/messages/end_month","half_month_message":"/reminder-bot-prod/messages/half_month"},"after_unknown":false,"before_sensitive":false,"after_sensitive":false},"telegram_bot_token_secret_arn":{"actions":["create"],"before":null,"after_unknown":true,"before_sensitive":false,"after_sensitive":false}},"prior_state":{"format_version":"1.0","terraform_version":"1.13.5","values":{"outputs":{"lambda_function_name":{"sensitive":false,"value":"reminder-bot-lambda","type":"string"},"scheduler_schedule_names":{"sensitive":false,"value":{"end_month":"reminder-bot-prod-end-month","half_month":"reminder-bot-prod-half-month"},"type":["object",{"end_month":"string","half_month":"string"}]},"ssm_parameter_names":{"sensitive":false,"value":{"chat_id":"/reminder-bot-prod/telegram/chat_id","end_month_message":"/reminder-bot-prod/messages/end_month","half_month_message":"/reminder-bot-prod/messages/half_month"},"type":["object",{"chat_id":"string","end_month_message":"string","half_month_message":"string"}]}},"root_module":{"resources":[{"address":"data.archive_file.lambda_dummy","mode":"data","type":"archive_file","name":"lambda_dummy","provider_name":"registry.terraform.io/hashicorp/archive","schema_version":0,"values":{"exclude_symlink_directories":null,"excludes":null,"id":"58e93fade67637870be5af38eff8d5aa66c7da49","output_base64sha256":"wmbalFzzY/wG3ivChKElOZB3+B4gptmQyIat05p+fU4=","output_base64sha512":"BQYAg1LwEY4tDmry1VoRx6StX0vjH+7LpfB5KAZLVvfJQjioPbBv1QxI6QF6P2U614fU3h9XKBCb9z5Y1ornqA==","output_file_mode":null,"output_md5":"a0dbd832a6a977d6d5b28ea5c85e30fb","output_path":"./.dummy/lambda.zip","output_sha":"58e93fade67637870be5af38eff8d5aa66c7da49","output_sha256":"c266da945cf363fc06de2bc284a125399077f81e20a6d990c886add39a7e7d4e","output_sha512":"0506008352f0118e2d0e6af2d55a11c7a4ad5f4be31feecba5f07928064b56f7c94238a83db06fd50c48e9017a3f653ad787d4de1f5728109bf73e58d68ae7a8","output_size":246,"source":[{"content":"exports.handler = async (event) =\u003e {\n  console.log(\"Dummy lambda invoked\");\n  return { statusCode: 200, body: \"dummy\" };\n};\n","filename":"index.js"}],"source_content":null,"source_content_filename":null,"source_dir":null,"source_file":null,"type":"zip"},"sensitive_values":{"source":[{}]}}]}}},"configuration":{"provider_config":{"archive":{"name":"archive","full_name":"registry.terraform.io/hashicorp/archive","version_constraint":"~\u003e 2.0"},"aws":{"name":"aws","full_name":"registry.terraform.io/hashicorp/aws","version_constraint":"~\u003e 5.0","expressions":{"default_tags":[{"tags":{"references":["var.project_name","var.environment"]}}],"region":{"references":["var.aws_region"]}}}},"root_module":{"outputs":{"github_deploy_role_arn":{"expression":{"references":["var.create_github_oidc","aws_iam_role.github_deploy[0].arn","aws_iam_role.github_deploy[0]","aws_iam_role.github_deploy"]},"description":"IAM role ARN for GitHub Actions OIDC deploy (if enabled)."},"lambda_function_arn":{"expression":{"references":["aws_lambda_function.this.arn","aws_lambda_function.this"]},"description":"Deployed Lambda function ARN."},"lambda_function_name":{"expression":{"references":["aws_lambda_function.this.function_name","aws_lambda_function.this"]},"description":"Deployed Lambda function name."},"scheduler_schedule_names":{"expression":{"references":["aws_scheduler_schedule.half_month.name","aws_scheduler_schedule.half_month","aws_scheduler_schedule.end_month.name","aws_scheduler_schedule.end_month"]},"description":"EventBridge Scheduler schedule names."},"ssm_parameter_names":{"expression":{"references":["aws_ssm_parameter.telegram_chat_id.name","aws_ssm_parameter.telegram_chat_id","aws_ssm_parameter.half_month_message.name","aws_ssm_parameter.half_month_message","aws_ssm_parameter.end_month_message.name","aws_ssm_parameter.end_month_message"]},"description":"SSM parameter names for configuration."},"telegram_bot_token_secret_arn":{"expression":{"references":["aws_secretsmanager_secret.telegram_bot_token.arn","aws_secretsmanager_secret.telegram_bot_token"]},"description":"Secrets Manager secret ARN storing the Telegram bot token."}},"resources":[{"address":"aws_cloudwatch_log_group.lambda","mode":"managed","type":"aws_cloudwatch_log_group","name":"lambda","provider_config_key":"aws","expressions":{"name":{"references":["var.lambda_function_name"]},"retention_in_days":{"references":["var.lambda_log_retention_days"]}},"schema_version":0},{"address":"aws_cloudwatch_metric_alarm.lambda_errors","mode":"managed","type":"aws_cloudwatch_metric_alarm","name":"lambda_errors","provider_config_key":"aws","expressions":{"alarm_actions":{"references":["var.enable_sns_alarm_notifications","aws_sns_topic.alarms[0].arn","aws_sns_topic.alarms[0]","aws_sns_topic.alarms"]},"alarm_description":{"constant_value":"Lambda errors \u003e 0"},"alarm_name":{"references":["local.name_prefix"]},"comparison_operator":{"constant_value":"GreaterThanThreshold"},"dimensions":{"references":["aws_lambda_function.this.function_name","aws_lambda_function.this"]},"evaluation_periods":{"constant_value":1},"metric_name":{"constant_value":"Errors"},"namespace":{"constant_value":"AWS/Lambda"},"period":{"constant_value":300},"statistic":{"constant_value":"Sum"},"threshold":{"constant_value":0}},"schema_version":1},{"address":"aws_cloudwatch_metric_alarm.lambda_throttles","mode":"managed","type":"aws_cloudwatch_metric_alarm","name":"lambda_throttles","provider_config_key":"aws","expressions":{"alarm_actions":{"references":["var.enable_sns_alarm_notifications","aws_sns_topic.alarms[0].arn","aws_sns_topic.alarms[0]","aws_sns_topic.alarms"]},"alarm_description":{"constant_value":"Lambda throttles \u003e 0"},"alarm_name":{"references":["local.name_prefix"]},"comparison_operator":{"constant_value":"GreaterThanThreshold"},"dimensions":{"references":["aws_lambda_function.this.function_name","aws_lambda_function.this"]},"evaluation_periods":{"constant_value":1},"metric_name":{"constant_value":"Throttles"},"namespace":{"constant_value":"AWS/Lambda"},"period":{"constant_value":300},"statistic":{"constant_value":"Sum"},"threshold":{"constant_value":0}},"schema_version":1},{"address":"aws_iam_openid_connect_provider.github","mode":"managed","type":"aws_iam_openid_connect_provider","name":"github","provider_config_key":"aws","expressions":{"client_id_list":{"constant_value":["sts.amazonaws.com"]},"thumbprint_list":{"constant_value":["6938fd4d98bab03faadb97b34396831e3780aea1"]},"url":{"constant_value":"https://token.actions.githubusercontent.com"}},"schema_version":0,"count_expression":{"references":["var.create_github_oidc"]}},{"address":"aws_iam_role.github_deploy","mode":"managed","type":"aws_iam_role","name":"github_deploy","provider_config_key":"aws","expressions":{"assume_role_policy":{"references":["aws_iam_openid_connect_provider.github[0].arn","aws_iam_openid_connect_provider.github[0]","aws_iam_openid_connect_provider.github","var.github_org","var.github_repo"]},"name":{"references":["local.name_prefix"]}},"schema_version":0,"count_expression":{"references":["var.create_github_oidc"]}},{"address":"aws_iam_role.lambda_exec","mode":"managed","type":"aws_iam_role","name":"lambda_exec","provider_config_key":"aws","expressions":{"assume_role_policy":{},"name":{"references":["local.name_prefix"]}},"schema_version":0},{"address":"aws_iam_role.scheduler_invoke","mode":"managed","type":"aws_iam_role","name":"scheduler_invoke","provider_config_key":"aws","expressions":{"assume_role_policy":{},"name":{"references":["local.name_prefix"]}},"schema_version":0},{"address":"aws_iam_role_policy.github_deploy","mode":"managed","type":"aws_iam_role_policy","name":"github_deploy","provider_config_key":"aws","expressions":{"name":{"references":["local.name_prefix"]},"policy":{"references":["aws_lambda_function.this.arn","aws_lambda_function.this"]},"role":{"references":["aws_iam_role.github_deploy[0].id","aws_iam_role.github_deploy[0]","aws_iam_role.github_deploy"]}},"schema_version":0,"count_expression":{"references":["var.create_github_oidc"]}},{"address":"aws_iam_role_policy.lambda_exec_inline","mode":"managed","type":"aws_iam_role_policy","name":"lambda_exec_inline","provider_config_key":"aws","expressions":{"name":{"references":["local.name_prefix"]},"policy":{"references":["aws_secretsmanager_secret.telegram_bot_token.arn","aws_secretsmanager_secret.telegram_bot_token","aws_ssm_parameter.telegram_chat_id.arn","aws_ssm_parameter.telegram_chat_id","aws_ssm_parameter.half_month_message.arn","aws_ssm_parameter.half_month_message","aws_ssm_parameter.end_month_message.arn","aws_ssm_parameter.end_month_message"]},"role":{"references":["aws_iam_role.lambda_exec.id","aws_iam_role.lambda_exec"]}},"schema_version":0},{"address":"aws_iam_role_policy.scheduler_invoke","mode":"managed","type":"aws_iam_role_policy","name":"scheduler_invoke","provider_config_key":"aws","expressions":{"name":{"references":["local.name_prefix"]},"policy":{"references":["aws_lambda_function.this.arn","aws_lambda_function.this"]},"role":{"references":["aws_iam_role.scheduler_invoke.id","aws_iam_role.scheduler_invoke"]}},"schema_version":0},{"address":"aws_lambda_function.this","mode":"managed","type":"aws_lambda_function","name":"this","provider_config_key":"aws","expressions":{"environment":[{"variables":{"references":["aws_secretsmanager_secret.telegram_bot_token.arn","aws_secretsmanager_secret.telegram_bot_token","aws_ssm_parameter.telegram_chat_id.name","aws_ssm_parameter.telegram_chat_id","aws_ssm_parameter.half_month_message.name","aws_ssm_parameter.half_month_message","aws_ssm_parameter.end_month_message.name","aws_ssm_parameter.end_month_message","var.telegram_chat_id","var.half_month_message","var.end_month_message"]}}],"filename":{"references":["var.lambda_package_path","var.lambda_package_path","data.archive_file.lambda_dummy.output_path","data.archive_file.lambda_dummy"]},"function_name":{"references":["var.lambda_function_name"]},"handler":{"references":["var.lambda_handler"]},"memory_size":{"references":["var.lambda_memory_size"]},"reserved_concurrent_executions":{"references":["var.lambda_reserved_concurrency"]},"role":{"references":["aws_iam_role.lambda_exec.arn","aws_iam_role.lambda_exec"]},"runtime":{"references":["var.lambda_runtime"]},"source_code_hash":{"references":["var.lambda_package_path","var.lambda_package_path","data.archive_file.lambda_dummy.output_path","data.archive_file.lambda_dummy"]},"timeout":{"references":["var.lambda_timeout_seconds"]}},"schema_version":0,"depends_on":["aws_cloudwatch_log_group.lambda"]},{"address":"aws_scheduler_schedule.end_month","mode":"managed","type":"aws_scheduler_schedule","name":"end_month","provider_config_key":"aws","expressions":{"flexible_time_window":[{"mode":{"constant_value":"OFF"}}],"name":{"references":["local.name_prefix"]},"schedule_expression":{"references":["var.schedule_end_month_cron"]},"schedule_expression_timezone":{"constant_value":"UTC"},"target":[{"arn":{"references":["aws_lambda_function.this.arn","aws_lambda_function.this"]},"input":{},"role_arn":{"references":["aws_iam_role.scheduler_invoke.arn","aws_iam_role.scheduler_invoke"]}}]},"schema_version":0},{"address":"aws_scheduler_schedule.half_month","mode":"managed","type":"aws_scheduler_schedule","name":"half_month","provider_config_key":"aws","expressions":{"flexible_time_window":[{"mode":{"constant_value":"OFF"}}],"name":{"references":["local.name_prefix"]},"schedule_expression":{"references":["var.schedule_half_month_cron"]},"schedule_expression_timezone":{"constant_value":"UTC"},"target":[{"arn":{"references":["aws_lambda_function.this.arn","aws_lambda_function.this"]},"input":{},"role_arn":{"references":["aws_iam_role.scheduler_invoke.arn","aws_iam_role.scheduler_invoke"]}}]},"schema_version":0},{"address":"aws_secretsmanager_secret.telegram_bot_token","mode":"managed","type":"aws_secretsmanager_secret","name":"telegram_bot_token","provider_config_key":"aws","expressions":{"name":{"references":["local.name_prefix"]},"recovery_window_in_days":{"constant_value":7}},"schema_version":0},{"address":"aws_secretsmanager_secret_version.telegram_bot_token","mode":"managed","type":"aws_secretsmanager_secret_version","name":"telegram_bot_token","provider_config_key":"aws","expressions":{"secret_id":{"references":["aws_secretsmanager_secret.telegram_bot_token.id","aws_secretsmanager_secret.telegram_bot_token"]},"secret_string":{"references":["var.telegram_bot_token"]}},"schema_version":0},{"address":"aws_sns_topic.alarms","mode":"managed","type":"aws_sns_topic","name":"alarms","provider_config_key":"aws","expressions":{"name":{"references":["local.name_prefix"]}},"schema_version":0,"count_expression":{"references":["var.enable_sns_alarm_notifications"]}},{"address":"aws_sns_topic_subscription.alarm_email","mode":"managed","type":"aws_sns_topic_subscription","name":"alarm_email","provider_config_key":"aws","expressions":{"endpoint":{"references":["var.alarm_email"]},"protocol":{"constant_value":"email"},"topic_arn":{"references":["aws_sns_topic.alarms[0].arn","aws_sns_topic.alarms[0]","aws_sns_topic.alarms"]}},"schema_version":0,"count_expression":{"references":["var.enable_sns_alarm_notifications","var.alarm_email"]}},{"address":"aws_ssm_parameter.end_month_message","mode":"managed","type":"aws_ssm_parameter","name":"end_month_message","provider_config_key":"aws","expressions":{"name":{"references":["local.name_prefix"]},"type":{"constant_value":"String"},"value":{"references":["var.end_month_message"]}},"schema_version":0},{"address":"aws_ssm_parameter.half_month_message","mode":"managed","type":"aws_ssm_parameter","name":"half_month_message","provider_config_key":"aws","expressions":{"name":{"references":["local.name_prefix"]},"type":{"constant_value":"String"},"value":{"references":["var.half_month_message"]}},"schema_version":0},{"address":"aws_ssm_parameter.telegram_chat_id","mode":"managed","type":"aws_ssm_parameter","name":"telegram_chat_id","provider_config_key":"aws","expressions":{"name":{"references":["local.name_prefix"]},"type":{"constant_value":"String"},"value":{"references":["var.telegram_chat_id"]}},"schema_version":0},{"address":"data.archive_file.lambda_dummy","mode":"data","type":"archive_file","name":"lambda_dummy","provider_config_key":"archive","expressions":{"output_path":{"references":["local.lambda_dummy_zip"]},"source":[{"content":{"constant_value":"exports.handler = async (event) =\u003e {\n  console.log(\"Dummy lambda invoked\");\n  return { statusCode: 200, body: \"dummy\" };\n};\n"},"filename":{"constant_value":"index.js"}}],"type":{"constant_value":"zip"}},"schema_version":0}],"variables":{"alarm_email":{"default":null,"description":"Email address to subscribe to SNS topic (only used if enable_sns_alarm_notifications=true)."},"aws_region":{"default":"us-east-1","description":"AWS region to deploy into."},"create_github_oidc":{"default":false,"description":"Create GitHub OIDC provider and deploy role. Set true to use OIDC instead of long-lived keys."},"enable_sns_alarm_notifications":{"default":false,"description":"Whether to create an SNS topic and wire alarms to it."},"end_month_message":{"description":"Message template for end-month reminder. Stored in SSM Parameter Store."},"environment":{"default":"prod","description":"Environment name (e.g., dev, prod)."},"github_org":{"default":null,"description":"GitHub organization/user for OIDC trust (e.g., 'my-org')."},"github_repo":{"default":null,"description":"GitHub repository name for OIDC trust (e.g., 'reminder-bot')."},"half_month_message":{"description":"Message template for half-month reminder. Stored in SSM Parameter Store."},"lambda_function_name":{"default":"reminder-bot-lambda","description":"Lambda function name."},"lambda_handler":{"default":"handler.Handler::handleRequest","description":"Lambda handler (Java)."},"lambda_log_retention_days":{"default":30,"description":"CloudWatch log retention in days."},"lambda_memory_size":{"default":1024,"description":"Lambda memory size (MB)."},"lambda_package_path":{"default":"./build/lambda.zip","description":"Path to the Lambda deployment package (zip or jar). For CI/CD, you can deploy code separately; Terraform will still create the function."},"lambda_reserved_concurrency":{"default":1,"description":"Reserved concurrency to prevent message storms. Set null to disable."},"lambda_runtime":{"default":"java21","description":"Lambda runtime."},"lambda_timeout_seconds":{"default":30,"description":"Lambda timeout (seconds)."},"project_name":{"default":"reminder-bot","description":"Project/name prefix used for resources."},"schedule_end_month_cron":{"default":"cron(0 9 L * ? *)","description":"EventBridge schedule expression for end-month reminder."},"schedule_half_month_cron":{"default":"cron(0 9 15 * ? *)","description":"EventBridge schedule expression for half-month reminder."},"telegram_bot_token":{"description":"Telegram bot token. Stored in Secrets Manager.","sensitive":true},"telegram_chat_id":{"description":"Telegram chat id. Stored in SSM Parameter Store."}}}},"relevant_attributes":[{"resource":"aws_iam_role.scheduler_invoke","attribute":["arn"]},{"resource":"aws_iam_role.lambda_exec","attribute":["arn"]},{"resource":"aws_ssm_parameter.half_month_message","attribute":["arn"]},{"resource":"aws_lambda_function.this","attribute":["arn"]},{"resource":"aws_ssm_parameter.end_month_message","attribute":["name"]},{"resource":"aws_ssm_parameter.telegram_chat_id","attribute":["name"]},{"resource":"aws_scheduler_schedule.end_month","attribute":["name"]},{"resource":"aws_scheduler_schedule.half_month","attribute":["name"]},{"resource":"aws_secretsmanager_secret.telegram_bot_token","attribute":["arn"]},{"resource":"aws_secretsmanager_secret.telegram_bot_token","attribute":["id"]},{"resource":"aws_lambda_function.this","attribute":["function_name"]},{"resource":"aws_ssm_parameter.end_month_message","attribute":["arn"]},{"resource":"data.archive_file.lambda_dummy","attribute":["output_path"]},{"resource":"aws_ssm_parameter.telegram_chat_id","attribute":["arn"]},{"resource":"aws_iam_role.lambda_exec","attribute":["id"]},{"resource":"aws_iam_role.scheduler_invoke","attribute":["id"]},{"resource":"aws_sns_topic.alarms[0]","attribute":["arn"]},{"resource":"aws_ssm_parameter.half_month_message","attribute":["name"]}],"timestamp":"2026-01-27T14:20:44Z","applyable":true,"complete":true,"errored":false}
