{"format_version":"1.2","terraform_version":"1.13.5","planned_values":{"root_module":{"resources":[{"address":"aws_s3_bucket.faker-bucker","mode":"managed","type":"aws_s3_bucket","name":"faker-bucker","provider_name":"registry.terraform.io/hashicorp/aws","schema_version":0,"values":{"bucket":"faker-data-test-bucket","force_destroy":false,"tags":{"Environment":"Dev","Managed_by_terraform":"True","Name":"faker bucket","Service":"Airflow","Team":"Core Data Engineers"},"tags_all":{"Environment":"Dev","Managed_by_terraform":"True","Name":"faker bucket","Service":"Airflow","Team":"Core Data Engineers"},"timeouts":null},"sensitive_values":{"cors_rule":[],"grant":[],"lifecycle_rule":[],"logging":[],"object_lock_configuration":[],"replication_configuration":[],"server_side_encryption_configuration":[],"tags":{},"tags_all":{},"versioning":[],"website":[]}}]}},"resource_changes":[{"address":"aws_s3_bucket.faker-bucker","mode":"managed","type":"aws_s3_bucket","name":"faker-bucker","provider_name":"registry.terraform.io/hashicorp/aws","change":{"actions":["create"],"before":null,"after":{"bucket":"faker-data-test-bucket","force_destroy":false,"tags":{"Environment":"Dev","Managed_by_terraform":"True","Name":"faker bucket","Service":"Airflow","Team":"Core Data Engineers"},"tags_all":{"Environment":"Dev","Managed_by_terraform":"True","Name":"faker bucket","Service":"Airflow","Team":"Core Data Engineers"},"timeouts":null},"after_unknown":{"acceleration_status":true,"acl":true,"arn":true,"bucket_domain_name":true,"bucket_prefix":true,"bucket_regional_domain_name":true,"cors_rule":true,"grant":true,"hosted_zone_id":true,"id":true,"lifecycle_rule":true,"logging":true,"object_lock_configuration":true,"object_lock_enabled":true,"policy":true,"region":true,"replication_configuration":true,"request_payer":true,"server_side_encryption_configuration":true,"tags":{},"tags_all":{},"versioning":true,"website":true,"website_domain":true,"website_endpoint":true},"before_sensitive":false,"after_sensitive":{"cors_rule":[],"grant":[],"lifecycle_rule":[],"logging":[],"object_lock_configuration":[],"replication_configuration":[],"server_side_encryption_configuration":[],"tags":{},"tags_all":{},"versioning":[],"website":[]}}}],"configuration":{"provider_config":{"aws":{"name":"aws","full_name":"registry.terraform.io/hashicorp/aws","version_constraint":"~\u003e 5.0","expressions":{"region":{"constant_value":"eu-central-1"}}}},"root_module":{"resources":[{"address":"aws_s3_bucket.faker-bucker","mode":"managed","type":"aws_s3_bucket","name":"faker-bucker","provider_config_key":"aws","expressions":{"bucket":{"constant_value":"faker-data-test-bucket"},"tags":{"constant_value":{"Environment":"Dev","Managed_by_terraform":"True","Name":"faker bucket","Service":"Airflow","Team":"Core Data Engineers"}}},"schema_version":0}]}},"timestamp":"2026-01-27T07:56:14Z","applyable":true,"complete":true,"errored":false}
