
Terraform used the selected providers to generate the following execution
plan. Resource actions are indicated with the following symbols:
  + create
 <= read (data resources)

Terraform will perform the following actions:

  # data.aws_iam_policy_document.app_bucket_policy[0] will be read during apply
  # (config refers to values not yet known)
 <= data "aws_iam_policy_document" "app_bucket_policy" {
      + id            = (known after apply)
      + json          = (known after apply)
      + minified_json = (known after apply)

      + statement {
          + actions   = [
              + "s3:*",
            ]
          + effect    = "Deny"
          + resources = [
              + (known after apply),
              + (known after apply),
            ]
          + sid       = "DenyInsecureTransport"

          + condition {
              + test     = "Bool"
              + values   = [
                  + "false",
                ]
              + variable = "aws:SecureTransport"
            }

          + principals {
              + identifiers = [
                  + "*",
                ]
              + type        = "*"
            }
        }
    }

  # aws_s3_bucket.app will be created
  + resource "aws_s3_bucket" "app" {
      + acceleration_status         = (known after apply)
      + acl                         = (known after apply)
      + arn                         = (known after apply)
      + bucket                      = "terratest-aws-s3-example-placeholder"
      + bucket_domain_name          = (known after apply)
      + bucket_prefix               = (known after apply)
      + bucket_region               = (known after apply)
      + bucket_regional_domain_name = (known after apply)
      + force_destroy               = true
      + hosted_zone_id              = (known after apply)
      + id                          = (known after apply)
      + object_lock_enabled         = (known after apply)
      + policy                      = (known after apply)
      + region                      = "us-east-1"
      + request_payer               = (known after apply)
      + tags                        = {
          + "Environment" = "Automated Testing"
          + "Name"        = "terratest-aws-s3-example-placeholder"
        }
      + tags_all                    = {
          + "Environment" = "Automated Testing"
          + "Name"        = "terratest-aws-s3-example-placeholder"
          + "Project"     = "terratest-localstack"
        }
      + website_domain              = (known after apply)
      + website_endpoint            = (known after apply)

      + cors_rule (known after apply)

      + grant (known after apply)

      + lifecycle_rule (known after apply)

      + logging (known after apply)

      + object_lock_configuration (known after apply)

      + replication_configuration (known after apply)

      + server_side_encryption_configuration (known after apply)

      + versioning (known after apply)

      + website (known after apply)
    }

  # aws_s3_bucket.logs will be created
  + resource "aws_s3_bucket" "logs" {
      + acceleration_status         = (known after apply)
      + acl                         = (known after apply)
      + arn                         = (known after apply)
      + bucket                      = "terratest-aws-s3-example-placeholder-logs"
      + bucket_domain_name          = (known after apply)
      + bucket_prefix               = (known after apply)
      + bucket_region               = (known after apply)
      + bucket_regional_domain_name = (known after apply)
      + force_destroy               = true
      + hosted_zone_id              = (known after apply)
      + id                          = (known after apply)
      + object_lock_enabled         = (known after apply)
      + policy                      = (known after apply)
      + region                      = "us-east-1"
      + request_payer               = (known after apply)
      + tags                        = {
          + "Environment" = "Automated Testing"
          + "Name"        = "terratest-aws-s3-example-placeholder-logs"
        }
      + tags_all                    = {
          + "Environment" = "Automated Testing"
          + "Name"        = "terratest-aws-s3-example-placeholder-logs"
          + "Project"     = "terratest-localstack"
        }
      + website_domain              = (known after apply)
      + website_endpoint            = (known after apply)

      + cors_rule (known after apply)

      + grant (known after apply)

      + lifecycle_rule (known after apply)

      + logging (known after apply)

      + object_lock_configuration (known after apply)

      + replication_configuration (known after apply)

      + server_side_encryption_configuration (known after apply)

      + versioning (known after apply)

      + website (known after apply)
    }

  # aws_s3_bucket_logging.app will be created
  + resource "aws_s3_bucket_logging" "app" {
      + bucket        = (known after apply)
      + id            = (known after apply)
      + region        = "us-east-1"
      + target_bucket = (known after apply)
      + target_prefix = "TFStateLogs/"
    }

  # aws_s3_bucket_policy.app[0] will be created
  + resource "aws_s3_bucket_policy" "app" {
      + bucket = (known after apply)
      + id     = (known after apply)
      + policy = (known after apply)
      + region = "us-east-1"
    }

  # aws_s3_bucket_policy.logs will be created
  + resource "aws_s3_bucket_policy" "logs" {
      + bucket = (known after apply)
      + id     = (known after apply)
      + policy = (known after apply)
      + region = "us-east-1"
    }

  # aws_s3_bucket_public_access_block.app will be created
  + resource "aws_s3_bucket_public_access_block" "app" {
      + block_public_acls       = true
      + block_public_policy     = true
      + bucket                  = (known after apply)
      + id                      = (known after apply)
      + ignore_public_acls      = true
      + region                  = "us-east-1"
      + restrict_public_buckets = true
    }

  # aws_s3_bucket_public_access_block.logs will be created
  + resource "aws_s3_bucket_public_access_block" "logs" {
      + block_public_acls       = true
      + block_public_policy     = true
      + bucket                  = (known after apply)
      + id                      = (known after apply)
      + ignore_public_acls      = true
      + region                  = "us-east-1"
      + restrict_public_buckets = true
    }

  # aws_s3_bucket_server_side_encryption_configuration.app will be created
  + resource "aws_s3_bucket_server_side_encryption_configuration" "app" {
      + bucket = (known after apply)
      + id     = (known after apply)
      + region = "us-east-1"

      + rule {
          + blocked_encryption_types = []

          + apply_server_side_encryption_by_default {
              + sse_algorithm     = "AES256"
                # (1 unchanged attribute hidden)
            }
        }
    }

  # aws_s3_bucket_server_side_encryption_configuration.logs will be created
  + resource "aws_s3_bucket_server_side_encryption_configuration" "logs" {
      + bucket = (known after apply)
      + id     = (known after apply)
      + region = "us-east-1"

      + rule {
          + blocked_encryption_types = []

          + apply_server_side_encryption_by_default {
              + sse_algorithm     = "AES256"
                # (1 unchanged attribute hidden)
            }
        }
    }

  # aws_s3_bucket_versioning.app will be created
  + resource "aws_s3_bucket_versioning" "app" {
      + bucket = (known after apply)
      + id     = (known after apply)
      + region = "us-east-1"

      + versioning_configuration {
          + mfa_delete = (known after apply)
          + status     = "Enabled"
        }
    }

  # aws_s3_bucket_versioning.logs will be created
  + resource "aws_s3_bucket_versioning" "logs" {
      + bucket = (known after apply)
      + id     = (known after apply)
      + region = "us-east-1"

      + versioning_configuration {
          + mfa_delete = (known after apply)
          + status     = "Enabled"
        }
    }

Plan: 11 to add, 0 to change, 0 to destroy.

Changes to Outputs:
  + bucket_id      = (known after apply)
  + logs_bucket_id = (known after apply)
  + logs_prefix    = "TFStateLogs/"
aws_s3_bucket.app: Creating...
aws_s3_bucket.logs: Creating...
aws_s3_bucket.app: Still creating... [00m10s elapsed]
aws_s3_bucket.logs: Still creating... [00m10s elapsed]
aws_s3_bucket.app: Still creating... [00m20s elapsed]
aws_s3_bucket.logs: Still creating... [00m20s elapsed]
aws_s3_bucket.app: Still creating... [00m30s elapsed]
aws_s3_bucket.logs: Still creating... [00m30s elapsed]
aws_s3_bucket.logs: Still creating... [00m40s elapsed]
aws_s3_bucket.app: Still creating... [00m40s elapsed]
aws_s3_bucket.app: Still creating... [00m50s elapsed]
aws_s3_bucket.logs: Still creating... [00m50s elapsed]
aws_s3_bucket.logs: Still creating... [01m00s elapsed]
aws_s3_bucket.app: Still creating... [01m00s elapsed]
aws_s3_bucket.logs: Still creating... [01m10s elapsed]
aws_s3_bucket.app: Still creating... [01m10s elapsed]
aws_s3_bucket.app: Still creating... [01m20s elapsed]
aws_s3_bucket.logs: Still creating... [01m20s elapsed]
aws_s3_bucket.logs: Still creating... [01m30s elapsed]
aws_s3_bucket.app: Still creating... [01m30s elapsed]
aws_s3_bucket.logs: Still creating... [01m40s elapsed]
aws_s3_bucket.app: Still creating... [01m40s elapsed]
aws_s3_bucket.app: Still creating... [01m50s elapsed]
aws_s3_bucket.logs: Still creating... [01m50s elapsed]
aws_s3_bucket.app: Still creating... [02m00s elapsed]
aws_s3_bucket.logs: Still creating... [02m00s elapsed]
aws_s3_bucket.app: Still creating... [02m10s elapsed]
aws_s3_bucket.logs: Still creating... [02m10s elapsed]
aws_s3_bucket.logs: Still creating... [02m20s elapsed]
aws_s3_bucket.app: Still creating... [02m20s elapsed]
aws_s3_bucket.app: Still creating... [02m30s elapsed]
aws_s3_bucket.logs: Still creating... [02m30s elapsed]
aws_s3_bucket.app: Still creating... [02m40s elapsed]
aws_s3_bucket.logs: Still creating... [02m40s elapsed]
aws_s3_bucket.logs: Still creating... [02m50s elapsed]
aws_s3_bucket.app: Still creating... [02m50s elapsed]
