{"format_version":"1.2","terraform_version":"1.13.5","variables":{"lambda_short_name":{"value":"rigitbot"}},"planned_values":{"outputs":{"lambda_url":{"sensitive":false}},"root_module":{"resources":[{"address":"aws_cloudwatch_log_group.lambda_log_group","mode":"managed","type":"aws_cloudwatch_log_group","name":"lambda_log_group","provider_name":"registry.terraform.io/hashicorp/aws","schema_version":0,"values":{"kms_key_id":null,"name":"/aws/lambda/rigitbot-us-east-2","retention_in_days":180,"skip_destroy":false,"tags":null},"sensitive_values":{"tags_all":{}}},{"address":"aws_iam_policy.lambda_execution_role_policy","mode":"managed","type":"aws_iam_policy","name":"lambda_execution_role_policy","provider_name":"registry.terraform.io/hashicorp/aws","schema_version":0,"values":{"description":"Policy for the execution role for rigitbot-us-east-2","name":"rigitbot-us-east-2-execution-role-policy","path":"/","policy":"{\"Statement\":[{\"Action\":[\"logs:PutLogEvents\"],\"Effect\":\"Allow\",\"Resource\":\"*\"}],\"Version\":\"2012-10-17\"}","tags":null},"sensitive_values":{"tags_all":{}}},{"address":"aws_iam_role.lambda_execution_role","mode":"managed","type":"aws_iam_role","name":"lambda_execution_role","provider_name":"registry.terraform.io/hashicorp/aws","schema_version":0,"values":{"assume_role_policy":"{\"Statement\":[{\"Action\":\"sts:AssumeRole\",\"Effect\":\"Allow\",\"Principal\":{\"Service\":\"lambda.amazonaws.com\"},\"Sid\":\"\"}],\"Version\":\"2012-10-17\"}","description":null,"force_detach_policies":false,"max_session_duration":3600,"name":"rigitbot-us-east-2-execution-role","path":"/","permissions_boundary":null,"tags":null},"sensitive_values":{"inline_policy":[],"managed_policy_arns":[],"tags_all":{}}},{"address":"aws_lambda_function.lambda","mode":"managed","type":"aws_lambda_function","name":"lambda","provider_name":"registry.terraform.io/hashicorp/aws","schema_version":0,"values":{"architectures":["arm64"],"code_signing_config_arn":null,"dead_letter_config":[],"description":null,"environment":[],"file_system_config":[],"filename":"./../target/lambda/rigitbot/bootstrap.zip","function_name":"rigitbot-us-east-2","handler":"bootstrap","image_config":[],"image_uri":null,"kms_key_arn":null,"layers":null,"memory_size":128,"package_type":"Zip","publish":true,"replace_security_groups_on_destroy":null,"replacement_security_group_ids":null,"reserved_concurrent_executions":-1,"runtime":"provided.al2","s3_bucket":null,"s3_key":null,"s3_object_version":null,"skip_destroy":false,"snap_start":[],"tags":null,"timeout":3,"timeouts":null,"vpc_config":[]},"sensitive_values":{"architectures":[false],"dead_letter_config":[],"environment":[],"ephemeral_storage":[],"file_system_config":[],"image_config":[],"logging_config":[],"snap_start":[],"tags_all":{},"tracing_config":[],"vpc_config":[]}},{"address":"aws_lambda_function_url.lambda_url","mode":"managed","type":"aws_lambda_function_url","name":"lambda_url","provider_name":"registry.terraform.io/hashicorp/aws","schema_version":0,"values":{"authorization_type":"NONE","cors":[],"function_name":"rigitbot-us-east-2","invoke_mode":"BUFFERED","qualifier":null,"timeouts":null},"sensitive_values":{"cors":[]}},{"address":"data.archive_file.lambda_zip","mode":"data","type":"archive_file","name":"lambda_zip","provider_name":"registry.terraform.io/hashicorp/archive","schema_version":0,"values":{"exclude_symlink_directories":null,"excludes":null,"output_file_mode":null,"output_path":"./../target/lambda/rigitbot/bootstrap.zip","source":[],"source_content":null,"source_content_filename":null,"source_dir":null,"source_file":"./../target/lambda/rigitbot/bootstrap","type":"zip"},"sensitive_values":{"source":[]}},{"address":"null_resource.build_lambda","mode":"managed","type":"null_resource","name":"build_lambda","provider_name":"registry.terraform.io/hashicorp/null","schema_version":0,"values":{"triggers":{"cargo_file":"738426d7b4bdee145bdea8cb6f4ee5032d886f8b73092b4c09a6bf86b1da3c5b","cargo_lock_file":"be8713a48ba5515603a26c6db4bfeee4f9b2e5b1d198a26768dbf0ba06636632","src_dir":"a39104386648365cec9f773f2ffd130b31a72a2d084b0d85022b1d19b906a65a"}},"sensitive_values":{"triggers":{}}}]}},"resource_changes":[{"address":"data.archive_file.lambda_zip","mode":"data","type":"archive_file","name":"lambda_zip","provider_name":"registry.terraform.io/hashicorp/archive","change":{"actions":["read"],"before":null,"after":{"exclude_symlink_directories":null,"excludes":null,"output_file_mode":null,"output_path":"./../target/lambda/rigitbot/bootstrap.zip","source":[],"source_content":null,"source_content_filename":null,"source_dir":null,"source_file":"./../target/lambda/rigitbot/bootstrap","type":"zip"},"after_unknown":{"id":true,"output_base64sha256":true,"output_base64sha512":true,"output_md5":true,"output_sha":true,"output_sha256":true,"output_sha512":true,"output_size":true,"source":[]},"before_sensitive":false,"after_sensitive":{"source":[]}},"action_reason":"read_because_dependency_pending"},{"address":"aws_cloudwatch_log_group.lambda_log_group","mode":"managed","type":"aws_cloudwatch_log_group","name":"lambda_log_group","provider_name":"registry.terraform.io/hashicorp/aws","change":{"actions":["create"],"before":null,"after":{"kms_key_id":null,"name":"/aws/lambda/rigitbot-us-east-2","retention_in_days":180,"skip_destroy":false,"tags":null},"after_unknown":{"arn":true,"id":true,"log_group_class":true,"name_prefix":true,"tags_all":true},"before_sensitive":false,"after_sensitive":{"tags_all":{}}}},{"address":"aws_iam_policy.lambda_execution_role_policy","mode":"managed","type":"aws_iam_policy","name":"lambda_execution_role_policy","provider_name":"registry.terraform.io/hashicorp/aws","change":{"actions":["create"],"before":null,"after":{"description":"Policy for the execution role for rigitbot-us-east-2","name":"rigitbot-us-east-2-execution-role-policy","path":"/","policy":"{\"Statement\":[{\"Action\":[\"logs:PutLogEvents\"],\"Effect\":\"Allow\",\"Resource\":\"*\"}],\"Version\":\"2012-10-17\"}","tags":null},"after_unknown":{"arn":true,"attachment_count":true,"id":true,"name_prefix":true,"policy_id":true,"tags_all":true},"before_sensitive":false,"after_sensitive":{"tags_all":{}}}},{"address":"aws_iam_role.lambda_execution_role","mode":"managed","type":"aws_iam_role","name":"lambda_execution_role","provider_name":"registry.terraform.io/hashicorp/aws","change":{"actions":["create"],"before":null,"after":{"assume_role_policy":"{\"Statement\":[{\"Action\":\"sts:AssumeRole\",\"Effect\":\"Allow\",\"Principal\":{\"Service\":\"lambda.amazonaws.com\"},\"Sid\":\"\"}],\"Version\":\"2012-10-17\"}","description":null,"force_detach_policies":false,"max_session_duration":3600,"name":"rigitbot-us-east-2-execution-role","path":"/","permissions_boundary":null,"tags":null},"after_unknown":{"arn":true,"create_date":true,"id":true,"inline_policy":true,"managed_policy_arns":true,"name_prefix":true,"tags_all":true,"unique_id":true},"before_sensitive":false,"after_sensitive":{"inline_policy":[],"managed_policy_arns":[],"tags_all":{}}}},{"address":"aws_lambda_function.lambda","mode":"managed","type":"aws_lambda_function","name":"lambda","provider_name":"registry.terraform.io/hashicorp/aws","change":{"actions":["create"],"before":null,"after":{"architectures":["arm64"],"code_signing_config_arn":null,"dead_letter_config":[],"description":null,"environment":[],"file_system_config":[],"filename":"./../target/lambda/rigitbot/bootstrap.zip","function_name":"rigitbot-us-east-2","handler":"bootstrap","image_config":[],"image_uri":null,"kms_key_arn":null,"layers":null,"memory_size":128,"package_type":"Zip","publish":true,"replace_security_groups_on_destroy":null,"replacement_security_group_ids":null,"reserved_concurrent_executions":-1,"runtime":"provided.al2","s3_bucket":null,"s3_key":null,"s3_object_version":null,"skip_destroy":false,"snap_start":[],"tags":null,"timeout":3,"timeouts":null,"vpc_config":[]},"after_unknown":{"architectures":[false],"arn":true,"code_sha256":true,"dead_letter_config":[],"environment":[],"ephemeral_storage":true,"file_system_config":[],"id":true,"image_config":[],"invoke_arn":true,"last_modified":true,"logging_config":true,"qualified_arn":true,"qualified_invoke_arn":true,"role":true,"signing_job_arn":true,"signing_profile_version_arn":true,"snap_start":[],"source_code_hash":true,"source_code_size":true,"tags_all":true,"tracing_config":true,"version":true,"vpc_config":[]},"before_sensitive":false,"after_sensitive":{"architectures":[false],"dead_letter_config":[],"environment":[],"ephemeral_storage":[],"file_system_config":[],"image_config":[],"logging_config":[],"snap_start":[],"tags_all":{},"tracing_config":[],"vpc_config":[]}}},{"address":"aws_lambda_function_url.lambda_url","mode":"managed","type":"aws_lambda_function_url","name":"lambda_url","provider_name":"registry.terraform.io/hashicorp/aws","change":{"actions":["create"],"before":null,"after":{"authorization_type":"NONE","cors":[],"function_name":"rigitbot-us-east-2","invoke_mode":"BUFFERED","qualifier":null,"timeouts":null},"after_unknown":{"cors":[],"function_arn":true,"function_url":true,"id":true,"url_id":true},"before_sensitive":false,"after_sensitive":{"cors":[]}}},{"address":"null_resource.build_lambda","mode":"managed","type":"null_resource","name":"build_lambda","provider_name":"registry.terraform.io/hashicorp/null","change":{"actions":["create"],"before":null,"after":{"triggers":{"cargo_file":"738426d7b4bdee145bdea8cb6f4ee5032d886f8b73092b4c09a6bf86b1da3c5b","cargo_lock_file":"be8713a48ba5515603a26c6db4bfeee4f9b2e5b1d198a26768dbf0ba06636632","src_dir":"a39104386648365cec9f773f2ffd130b31a72a2d084b0d85022b1d19b906a65a"}},"after_unknown":{"id":true,"triggers":{}},"before_sensitive":false,"after_sensitive":{"triggers":{}}}}],"output_changes":{"lambda_url":{"actions":["create"],"before":null,"after_unknown":true,"before_sensitive":false,"after_sensitive":false}},"prior_state":{"format_version":"1.0","terraform_version":"1.13.5","values":{"root_module":{"resources":[{"address":"data.archive_file.lambda_dummy","mode":"data","type":"archive_file","name":"lambda_dummy","provider_name":"registry.terraform.io/hashicorp/archive","schema_version":0,"values":{"exclude_symlink_directories":null,"excludes":null,"id":"58e93fade67637870be5af38eff8d5aa66c7da49","output_base64sha256":"wmbalFzzY/wG3ivChKElOZB3+B4gptmQyIat05p+fU4=","output_base64sha512":"BQYAg1LwEY4tDmry1VoRx6StX0vjH+7LpfB5KAZLVvfJQjioPbBv1QxI6QF6P2U614fU3h9XKBCb9z5Y1ornqA==","output_file_mode":null,"output_md5":"a0dbd832a6a977d6d5b28ea5c85e30fb","output_path":"./.dummy/lambda.zip","output_sha":"58e93fade67637870be5af38eff8d5aa66c7da49","output_sha256":"c266da945cf363fc06de2bc284a125399077f81e20a6d990c886add39a7e7d4e","output_sha512":"0506008352f0118e2d0e6af2d55a11c7a4ad5f4be31feecba5f07928064b56f7c94238a83db06fd50c48e9017a3f653ad787d4de1f5728109bf73e58d68ae7a8","output_size":246,"source":[{"content":"exports.handler = async (event) =\u003e {\n  console.log(\"Dummy lambda invoked\");\n  return { statusCode: 200, body: \"dummy\" };\n};\n","filename":"index.js"}],"source_content":null,"source_content_filename":null,"source_dir":null,"source_file":null,"type":"zip"},"sensitive_values":{"source":[{}]}},{"address":"data.aws_region.current","mode":"data","type":"aws_region","name":"current","provider_name":"registry.terraform.io/hashicorp/aws","schema_version":0,"values":{"description":"US East (Ohio)","endpoint":"ec2.us-east-2.amazonaws.com","id":"us-east-2","name":"us-east-2"},"sensitive_values":{}}]}}},"configuration":{"provider_config":{"archive":{"name":"archive","full_name":"registry.terraform.io/hashicorp/archive"},"aws":{"name":"aws","full_name":"registry.terraform.io/hashicorp/aws","version_constraint":"~\u003e 5.11","expressions":{"region":{"constant_value":"us-east-2"}}},"null":{"name":"null","full_name":"registry.terraform.io/hashicorp/null"}},"root_module":{"outputs":{"lambda_url":{"expression":{"references":["aws_lambda_function_url.lambda_url.function_url","aws_lambda_function_url.lambda_url"]}}},"resources":[{"address":"aws_cloudwatch_log_group.lambda_log_group","mode":"managed","type":"aws_cloudwatch_log_group","name":"lambda_log_group","provider_config_key":"aws","expressions":{"name":{"references":["local.lambda_full_name"]},"retention_in_days":{"constant_value":180}},"schema_version":0},{"address":"aws_iam_policy.lambda_execution_role_policy","mode":"managed","type":"aws_iam_policy","name":"lambda_execution_role_policy","provider_config_key":"aws","expressions":{"description":{"references":["local.lambda_full_name"]},"name":{"references":["local.lambda_full_name"]},"path":{"constant_value":"/"},"policy":{}},"schema_version":0},{"address":"aws_iam_role.lambda_execution_role","mode":"managed","type":"aws_iam_role","name":"lambda_execution_role","provider_config_key":"aws","expressions":{"assume_role_policy":{},"managed_policy_arns":{"references":["aws_iam_policy.lambda_execution_role_policy.arn","aws_iam_policy.lambda_execution_role_policy"]},"name":{"references":["local.lambda_full_name"]}},"schema_version":0},{"address":"aws_lambda_function.lambda","mode":"managed","type":"aws_lambda_function","name":"lambda","provider_config_key":"aws","expressions":{"architectures":{"constant_value":["arm64"]},"filename":{"references":["local.lambda_zip"]},"function_name":{"references":["local.lambda_full_name"]},"handler":{"constant_value":"bootstrap"},"publish":{"constant_value":true},"role":{"references":["aws_iam_role.lambda_execution_role.arn","aws_iam_role.lambda_execution_role"]},"runtime":{"constant_value":"provided.al2"},"source_code_hash":{"references":["data.archive_file.lambda_zip.output_base64sha256","data.archive_file.lambda_zip"]}},"schema_version":0,"depends_on":["aws_cloudwatch_log_group.lambda_log_group"]},{"address":"aws_lambda_function_url.lambda_url","mode":"managed","type":"aws_lambda_function_url","name":"lambda_url","provider_config_key":"aws","expressions":{"authorization_type":{"constant_value":"NONE"},"function_name":{"references":["aws_lambda_function.lambda.function_name","aws_lambda_function.lambda"]}},"schema_version":0},{"address":"null_resource.build_lambda","mode":"managed","type":"null_resource","name":"build_lambda","provider_config_key":"null","provisioners":[{"type":"local-exec","expressions":{"command":{"constant_value":"cargo lambda build --release --arm64"},"working_dir":{"references":["path.module"]}}}],"expressions":{"triggers":{"references":["local.root_dir","local.root_dir","local.root_dir","local.root_dir"]}},"schema_version":0},{"address":"data.archive_file.lambda_dummy","mode":"data","type":"archive_file","name":"lambda_dummy","provider_config_key":"archive","expressions":{"output_path":{"references":["local.lambda_dummy_zip"]},"source":[{"content":{"constant_value":"exports.handler = async (event) =\u003e {\n  console.log(\"Dummy lambda invoked\");\n  return { statusCode: 200, body: \"dummy\" };\n};\n"},"filename":{"constant_value":"index.js"}}],"type":{"constant_value":"zip"}},"schema_version":0},{"address":"data.archive_file.lambda_zip","mode":"data","type":"archive_file","name":"lambda_zip","provider_config_key":"archive","expressions":{"output_path":{"references":["local.lambda_zip"]},"source_file":{"references":["local.lambda_bootstrap"]},"type":{"constant_value":"zip"}},"schema_version":0,"depends_on":["null_resource.build_lambda"]},{"address":"data.aws_region.current","mode":"data","type":"aws_region","name":"current","provider_config_key":"aws","schema_version":0}],"variables":{"lambda_short_name":{"default":"rigitbot"}}}},"relevant_attributes":[{"resource":"data.archive_file.lambda_zip","attribute":["output_base64sha256"]},{"resource":"aws_lambda_function.lambda","attribute":["function_name"]},{"resource":"data.aws_region.current","attribute":["name"]},{"resource":"aws_lambda_function_url.lambda_url","attribute":["function_url"]},{"resource":"aws_iam_policy.lambda_execution_role_policy","attribute":["arn"]},{"resource":"aws_iam_role.lambda_execution_role","attribute":["arn"]}],"timestamp":"2026-01-23T07:56:54Z","applyable":true,"complete":true,"errored":false}
