{
  "version": 4,
  "terraform_version": "1.13.5",
  "serial": 1,
  "lineage": "11e341f1-cfc0-a333-dd6f-25502b2eef20",
  "outputs": {},
  "resources": [
    {
      "mode": "managed",
      "type": "random_id",
      "name": "suffix",
      "provider": "provider[\"registry.terraform.io/hashicorp/random\"]",
      "instances": [
        {
          "schema_version": 0,
          "attributes": {
            "b64_std": "pQ/SCw==",
            "b64_url": "pQ_SCw",
            "byte_length": 4,
            "dec": "2769277451",
            "hex": "a50fd20b",
            "id": "pQ_SCw",
            "keepers": null,
            "prefix": null
          },
          "sensitive_attributes": [],
          "identity_schema_version": 0
        }
      ]
    }
  ],
  "check_results": null
}
