{
  "version": 4,
  "terraform_version": "1.13.5",
  "serial": 1,
  "lineage": "4fbe9aa1-0786-b7f8-b09e-74e5f695d3d2",
  "outputs": {},
  "resources": [
    {
      "mode": "managed",
      "type": "random_id",
      "name": "suffix",
      "provider": "provider[\"registry.terraform.io/hashicorp/random\"]",
      "instances": [
        {
          "schema_version": 0,
          "attributes": {
            "b64_std": "hRsceg==",
            "b64_url": "hRsceg",
            "byte_length": 4,
            "dec": "2233146490",
            "hex": "851b1c7a",
            "id": "hRsceg",
            "keepers": null,
            "prefix": null
          },
          "sensitive_attributes": [],
          "identity_schema_version": 0
        }
      ]
    }
  ],
  "check_results": null
}
