{"format_version":"1.2","terraform_version":"1.13.5","variables":{"app_name":{"value":"devops-interview-ac"},"artifact_bucket_force_destroy":{"value":true},"aws_region":{"value":"us-east-1"}},"planned_values":{"outputs":{"artifact_bucket_name":{"sensitive":false},"ecr_repository_url":{"sensitive":false},"ecs_task_execution_role_arn":{"sensitive":false}},"root_module":{"resources":[{"address":"aws_ecr_repository.app","mode":"managed","type":"aws_ecr_repository","name":"app","provider_name":"registry.terraform.io/hashicorp/aws","schema_version":0,"values":{"encryption_configuration":[],"force_delete":null,"image_scanning_configuration":[{"scan_on_push":true}],"image_tag_mutability":"MUTABLE","image_tag_mutability_exclusion_filter":[],"name":"devops-interview-ac","region":"us-east-1","tags":null,"tags_all":{"Managed":"terraform","Project":"devops-interview-ac"},"timeouts":null},"sensitive_values":{"encryption_configuration":[],"image_scanning_configuration":[{}],"image_tag_mutability_exclusion_filter":[],"tags_all":{}},"identity_schema_version":0,"identity":{"account_id":null,"name":null,"region":null}},{"address":"aws_iam_role.ecs_task_execution","mode":"managed","type":"aws_iam_role","name":"ecs_task_execution","provider_name":"registry.terraform.io/hashicorp/aws","schema_version":0,"values":{"assume_role_policy":"{\"Statement\":[{\"Action\":\"sts:AssumeRole\",\"Effect\":\"Allow\",\"Principal\":{\"Service\":\"ecs-tasks.amazonaws.com\"}}],\"Version\":\"2012-10-17\"}","description":null,"force_detach_policies":false,"max_session_duration":3600,"name_prefix":"devops-interview-ac-ecs-exec-","path":"/","permissions_boundary":null,"tags":null,"tags_all":{"Managed":"terraform","Project":"devops-interview-ac"}},"sensitive_values":{"inline_policy":[],"managed_policy_arns":[],"tags_all":{}},"identity_schema_version":0,"identity":{"account_id":null,"name":null}},{"address":"aws_iam_role_policy_attachment.ecs_task_execution","mode":"managed","type":"aws_iam_role_policy_attachment","name":"ecs_task_execution","provider_name":"registry.terraform.io/hashicorp/aws","schema_version":0,"values":{"policy_arn":"arn:aws:iam::aws:policy/service-role/AmazonECSTaskExecutionRolePolicy"},"sensitive_values":{},"identity_schema_version":0,"identity":{"account_id":null,"policy_arn":null,"role":null}},{"address":"aws_s3_bucket.artifacts","mode":"managed","type":"aws_s3_bucket","name":"artifacts","provider_name":"registry.terraform.io/hashicorp/aws","schema_version":0,"values":{"bucket_prefix":"devops-interview-ac-artifacts-","force_destroy":true,"region":"us-east-1","tags":null,"tags_all":{"Managed":"terraform","Project":"devops-interview-ac"},"timeouts":null},"sensitive_values":{"cors_rule":[],"grant":[],"lifecycle_rule":[],"logging":[],"object_lock_configuration":[],"replication_configuration":[],"server_side_encryption_configuration":[],"tags_all":{},"versioning":[],"website":[]},"identity_schema_version":0,"identity":{"account_id":null,"bucket":null,"region":null}},{"address":"aws_s3_bucket_public_access_block.artifacts","mode":"managed","type":"aws_s3_bucket_public_access_block","name":"artifacts","provider_name":"registry.terraform.io/hashicorp/aws","schema_version":0,"values":{"block_public_acls":true,"block_public_policy":true,"ignore_public_acls":true,"region":"us-east-1","restrict_public_buckets":true,"skip_destroy":null},"sensitive_values":{},"identity_schema_version":0,"identity":{"account_id":null,"bucket":null,"region":null}},{"address":"aws_s3_bucket_versioning.artifacts","mode":"managed","type":"aws_s3_bucket_versioning","name":"artifacts","provider_name":"registry.terraform.io/hashicorp/aws","schema_version":0,"values":{"expected_bucket_owner":null,"mfa":null,"region":"us-east-1","versioning_configuration":[{"status":"Enabled"}]},"sensitive_values":{"versioning_configuration":[{}]},"identity_schema_version":0,"identity":{"account_id":null,"bucket":null,"expected_bucket_owner":null,"region":null}}]}},"resource_changes":[{"address":"aws_ecr_repository.app","mode":"managed","type":"aws_ecr_repository","name":"app","provider_name":"registry.terraform.io/hashicorp/aws","change":{"actions":["create"],"before":null,"after":{"encryption_configuration":[],"force_delete":null,"image_scanning_configuration":[{"scan_on_push":true}],"image_tag_mutability":"MUTABLE","image_tag_mutability_exclusion_filter":[],"name":"devops-interview-ac","region":"us-east-1","tags":null,"tags_all":{"Managed":"terraform","Project":"devops-interview-ac"},"timeouts":null},"after_unknown":{"arn":true,"encryption_configuration":[],"id":true,"image_scanning_configuration":[{}],"image_tag_mutability_exclusion_filter":[],"registry_id":true,"repository_url":true,"tags_all":{}},"before_sensitive":false,"after_sensitive":{"encryption_configuration":[],"image_scanning_configuration":[{}],"image_tag_mutability_exclusion_filter":[],"tags_all":{}},"after_identity":{"account_id":null,"name":null,"region":null}}},{"address":"aws_iam_role.ecs_task_execution","mode":"managed","type":"aws_iam_role","name":"ecs_task_execution","provider_name":"registry.terraform.io/hashicorp/aws","change":{"actions":["create"],"before":null,"after":{"assume_role_policy":"{\"Statement\":[{\"Action\":\"sts:AssumeRole\",\"Effect\":\"Allow\",\"Principal\":{\"Service\":\"ecs-tasks.amazonaws.com\"}}],\"Version\":\"2012-10-17\"}","description":null,"force_detach_policies":false,"max_session_duration":3600,"name_prefix":"devops-interview-ac-ecs-exec-","path":"/","permissions_boundary":null,"tags":null,"tags_all":{"Managed":"terraform","Project":"devops-interview-ac"}},"after_unknown":{"arn":true,"create_date":true,"id":true,"inline_policy":true,"managed_policy_arns":true,"name":true,"tags_all":{},"unique_id":true},"before_sensitive":false,"after_sensitive":{"inline_policy":[],"managed_policy_arns":[],"tags_all":{}},"after_identity":{"account_id":null,"name":null}}},{"address":"aws_iam_role_policy_attachment.ecs_task_execution","mode":"managed","type":"aws_iam_role_policy_attachment","name":"ecs_task_execution","provider_name":"registry.terraform.io/hashicorp/aws","change":{"actions":["create"],"before":null,"after":{"policy_arn":"arn:aws:iam::aws:policy/service-role/AmazonECSTaskExecutionRolePolicy"},"after_unknown":{"id":true,"role":true},"before_sensitive":false,"after_sensitive":{},"after_identity":{"account_id":null,"policy_arn":null,"role":null}}},{"address":"aws_s3_bucket.artifacts","mode":"managed","type":"aws_s3_bucket","name":"artifacts","provider_name":"registry.terraform.io/hashicorp/aws","change":{"actions":["create"],"before":null,"after":{"bucket_prefix":"devops-interview-ac-artifacts-","force_destroy":true,"region":"us-east-1","tags":null,"tags_all":{"Managed":"terraform","Project":"devops-interview-ac"},"timeouts":null},"after_unknown":{"acceleration_status":true,"acl":true,"arn":true,"bucket":true,"bucket_domain_name":true,"bucket_region":true,"bucket_regional_domain_name":true,"cors_rule":true,"grant":true,"hosted_zone_id":true,"id":true,"lifecycle_rule":true,"logging":true,"object_lock_configuration":true,"object_lock_enabled":true,"policy":true,"replication_configuration":true,"request_payer":true,"server_side_encryption_configuration":true,"tags_all":{},"versioning":true,"website":true,"website_domain":true,"website_endpoint":true},"before_sensitive":false,"after_sensitive":{"cors_rule":[],"grant":[],"lifecycle_rule":[],"logging":[],"object_lock_configuration":[],"replication_configuration":[],"server_side_encryption_configuration":[],"tags_all":{},"versioning":[],"website":[]},"after_identity":{"account_id":null,"bucket":null,"region":null}}},{"address":"aws_s3_bucket_public_access_block.artifacts","mode":"managed","type":"aws_s3_bucket_public_access_block","name":"artifacts","provider_name":"registry.terraform.io/hashicorp/aws","change":{"actions":["create"],"before":null,"after":{"block_public_acls":true,"block_public_policy":true,"ignore_public_acls":true,"region":"us-east-1","restrict_public_buckets":true,"skip_destroy":null},"after_unknown":{"bucket":true,"id":true},"before_sensitive":false,"after_sensitive":{},"after_identity":{"account_id":null,"bucket":null,"region":null}}},{"address":"aws_s3_bucket_versioning.artifacts","mode":"managed","type":"aws_s3_bucket_versioning","name":"artifacts","provider_name":"registry.terraform.io/hashicorp/aws","change":{"actions":["create"],"before":null,"after":{"expected_bucket_owner":null,"mfa":null,"region":"us-east-1","versioning_configuration":[{"status":"Enabled"}]},"after_unknown":{"bucket":true,"id":true,"versioning_configuration":[{"mfa_delete":true}]},"before_sensitive":false,"after_sensitive":{"versioning_configuration":[{}]},"after_identity":{"account_id":null,"bucket":null,"expected_bucket_owner":null,"region":null}}}],"output_changes":{"artifact_bucket_name":{"actions":["create"],"before":null,"after_unknown":true,"before_sensitive":false,"after_sensitive":false},"ecr_repository_url":{"actions":["create"],"before":null,"after_unknown":true,"before_sensitive":false,"after_sensitive":false},"ecs_task_execution_role_arn":{"actions":["create"],"before":null,"after_unknown":true,"before_sensitive":false,"after_sensitive":false}},"configuration":{"provider_config":{"aws":{"name":"aws","full_name":"registry.terraform.io/hashicorp/aws","version_constraint":"\u003e= 5.0.0","expressions":{"default_tags":[{"tags":{"references":["var.app_name"]}}],"region":{"references":["var.aws_region"]}}}},"root_module":{"outputs":{"artifact_bucket_name":{"expression":{"references":["aws_s3_bucket.artifacts.bucket","aws_s3_bucket.artifacts"]},"description":"S3 bucket for build artifacts / static assets."},"ecr_repository_url":{"expression":{"references":["aws_ecr_repository.app.repository_url","aws_ecr_repository.app"]},"description":"ECR repository URL to push the Docker image to."},"ecs_task_execution_role_arn":{"expression":{"references":["aws_iam_role.ecs_task_execution.arn","aws_iam_role.ecs_task_execution"]},"description":"IAM role ARN for ECS task execution (useful if later adding ECS/Fargate)."}},"resources":[{"address":"aws_ecr_repository.app","mode":"managed","type":"aws_ecr_repository","name":"app","provider_config_key":"aws","expressions":{"image_scanning_configuration":[{"scan_on_push":{"constant_value":true}}],"image_tag_mutability":{"constant_value":"MUTABLE"},"name":{"references":["local.name_prefix"]}},"schema_version":0},{"address":"aws_iam_role.ecs_task_execution","mode":"managed","type":"aws_iam_role","name":"ecs_task_execution","provider_config_key":"aws","expressions":{"assume_role_policy":{},"name_prefix":{"references":["local.name_prefix"]}},"schema_version":0},{"address":"aws_iam_role_policy_attachment.ecs_task_execution","mode":"managed","type":"aws_iam_role_policy_attachment","name":"ecs_task_execution","provider_config_key":"aws","expressions":{"policy_arn":{"constant_value":"arn:aws:iam::aws:policy/service-role/AmazonECSTaskExecutionRolePolicy"},"role":{"references":["aws_iam_role.ecs_task_execution.name","aws_iam_role.ecs_task_execution"]}},"schema_version":0},{"address":"aws_s3_bucket.artifacts","mode":"managed","type":"aws_s3_bucket","name":"artifacts","provider_config_key":"aws","expressions":{"bucket_prefix":{"references":["local.name_prefix"]},"force_destroy":{"references":["var.artifact_bucket_force_destroy"]}},"schema_version":0},{"address":"aws_s3_bucket_public_access_block.artifacts","mode":"managed","type":"aws_s3_bucket_public_access_block","name":"artifacts","provider_config_key":"aws","expressions":{"block_public_acls":{"constant_value":true},"block_public_policy":{"constant_value":true},"bucket":{"references":["aws_s3_bucket.artifacts.id","aws_s3_bucket.artifacts"]},"ignore_public_acls":{"constant_value":true},"restrict_public_buckets":{"constant_value":true}},"schema_version":0},{"address":"aws_s3_bucket_versioning.artifacts","mode":"managed","type":"aws_s3_bucket_versioning","name":"artifacts","provider_config_key":"aws","expressions":{"bucket":{"references":["aws_s3_bucket.artifacts.id","aws_s3_bucket.artifacts"]},"versioning_configuration":[{"status":{"constant_value":"Enabled"}}]},"schema_version":0}],"variables":{"app_name":{"default":"devops-interview-ac","description":"Application name used for naming/tagging."},"artifact_bucket_force_destroy":{"default":true,"description":"Whether to force-destroy the artifacts bucket (useful for dev/test)."},"aws_region":{"default":"us-east-1","description":"AWS region to deploy into."}}}},"relevant_attributes":[{"resource":"aws_iam_role.ecs_task_execution","attribute":["name"]},{"resource":"aws_ecr_repository.app","attribute":["repository_url"]},{"resource":"aws_iam_role.ecs_task_execution","attribute":["arn"]},{"resource":"aws_s3_bucket.artifacts","attribute":["id"]},{"resource":"aws_s3_bucket.artifacts","attribute":["bucket"]}],"timestamp":"2026-01-25T15:49:23Z","applyable":true,"complete":true,"errored":false}
