{"format_version":"1.2","terraform_version":"1.13.5","variables":{"app_name":{"value":"infrafy"},"aws_region":{"value":"us-east-1"},"db_name":{"value":"infrafy"},"db_password":{"value":"kiwi"},"db_username":{"value":"kiwi"}},"planned_values":{"outputs":{"db_instance_endpoint":{"sensitive":false},"db_instance_id":{"sensitive":false}},"root_module":{"resources":[{"address":"aws_db_instance.postgres","mode":"managed","type":"aws_db_instance","name":"postgres","provider_name":"registry.terraform.io/hashicorp/aws","schema_version":2,"values":{"allocated_storage":20,"allow_major_version_upgrade":null,"apply_immediately":false,"auto_minor_version_upgrade":true,"blue_green_update":[],"copy_tags_to_snapshot":false,"custom_iam_instance_profile":null,"customer_owned_ip_enabled":null,"db_name":"infrafy","db_subnet_group_name":"infrafy-db-subnet-group","dedicated_log_volume":false,"delete_automated_backups":true,"deletion_protection":null,"domain":null,"domain_auth_secret_arn":null,"domain_dns_ips":null,"domain_iam_role_name":null,"domain_ou":null,"enabled_cloudwatch_logs_exports":null,"engine":"postgres","engine_version":"16.2","final_snapshot_identifier":null,"iam_database_authentication_enabled":null,"identifier":"infrafy-postgres","instance_class":"db.t3.micro","manage_master_user_password":null,"max_allocated_storage":null,"monitoring_interval":0,"password":"kiwi","password_wo":null,"password_wo_version":null,"performance_insights_enabled":false,"publicly_accessible":true,"region":"us-east-1","replicate_source_db":null,"restore_to_point_in_time":[],"s3_import":[],"skip_final_snapshot":true,"storage_encrypted":null,"tags":{"Name":"infrafy"},"tags_all":{"Name":"infrafy"},"timeouts":null,"upgrade_storage_config":null,"username":"kiwi","vpc_security_group_ids":["sg-797c3ae436b5aa9b3"]},"sensitive_values":{"blue_green_update":[],"listener_endpoint":[],"master_user_secret":[],"password":true,"password_wo":true,"replicas":[],"restore_to_point_in_time":[],"s3_import":[],"tags":{},"tags_all":{},"vpc_security_group_ids":[false]}},{"address":"aws_db_subnet_group.default","mode":"managed","type":"aws_db_subnet_group","name":"default","provider_name":"registry.terraform.io/hashicorp/aws","schema_version":0,"values":{"description":"Managed by Terraform","name":"infrafy-db-subnet-group","region":"us-east-1","subnet_ids":["subnet-7f305f0709fa75e95","subnet-a626d584f40ec50d6","subnet-c0586db5aa6c1f4af","subnet-c3aac455f1203b9f5","subnet-de0c200d16daa15a5","subnet-e9e46644641e309a1"],"tags":null},"sensitive_values":{"subnet_ids":[false,false,false,false,false,false],"supported_network_types":[],"tags_all":{}}},{"address":"random_password.db","mode":"managed","type":"random_password","name":"db","provider_name":"registry.terraform.io/hashicorp/random","schema_version":3,"values":{"keepers":null,"length":16,"lower":true,"min_lower":0,"min_numeric":0,"min_special":0,"min_upper":0,"number":true,"numeric":true,"override_special":null,"special":true,"upper":true},"sensitive_values":{"bcrypt_hash":true,"result":true}}]}},"resource_changes":[{"address":"aws_db_instance.postgres","mode":"managed","type":"aws_db_instance","name":"postgres","provider_name":"registry.terraform.io/hashicorp/aws","change":{"actions":["create"],"before":null,"after":{"allocated_storage":20,"allow_major_version_upgrade":null,"apply_immediately":false,"auto_minor_version_upgrade":true,"blue_green_update":[],"copy_tags_to_snapshot":false,"custom_iam_instance_profile":null,"customer_owned_ip_enabled":null,"db_name":"infrafy","db_subnet_group_name":"infrafy-db-subnet-group","dedicated_log_volume":false,"delete_automated_backups":true,"deletion_protection":null,"domain":null,"domain_auth_secret_arn":null,"domain_dns_ips":null,"domain_iam_role_name":null,"domain_ou":null,"enabled_cloudwatch_logs_exports":null,"engine":"postgres","engine_version":"16.2","final_snapshot_identifier":null,"iam_database_authentication_enabled":null,"identifier":"infrafy-postgres","instance_class":"db.t3.micro","manage_master_user_password":null,"max_allocated_storage":null,"monitoring_interval":0,"password":"kiwi","password_wo":null,"password_wo_version":null,"performance_insights_enabled":false,"publicly_accessible":true,"region":"us-east-1","replicate_source_db":null,"restore_to_point_in_time":[],"s3_import":[],"skip_final_snapshot":true,"storage_encrypted":null,"tags":{"Name":"infrafy"},"tags_all":{"Name":"infrafy"},"timeouts":null,"upgrade_storage_config":null,"username":"kiwi","vpc_security_group_ids":["sg-797c3ae436b5aa9b3"]},"after_unknown":{"address":true,"arn":true,"availability_zone":true,"backup_retention_period":true,"backup_target":true,"backup_window":true,"blue_green_update":[],"ca_cert_identifier":true,"character_set_name":true,"database_insights_mode":true,"domain_fqdn":true,"endpoint":true,"engine_lifecycle_support":true,"engine_version_actual":true,"hosted_zone_id":true,"id":true,"identifier_prefix":true,"iops":true,"kms_key_id":true,"latest_restorable_time":true,"license_model":true,"listener_endpoint":true,"maintenance_window":true,"master_user_secret":true,"master_user_secret_kms_key_id":true,"monitoring_role_arn":true,"multi_az":true,"nchar_character_set_name":true,"network_type":true,"option_group_name":true,"parameter_group_name":true,"performance_insights_kms_key_id":true,"performance_insights_retention_period":true,"port":true,"replica_mode":true,"replicas":true,"resource_id":true,"restore_to_point_in_time":[],"s3_import":[],"snapshot_identifier":true,"status":true,"storage_throughput":true,"storage_type":true,"tags":{},"tags_all":{},"timezone":true,"upgrade_rollout_order":true,"vpc_security_group_ids":[false]},"before_sensitive":false,"after_sensitive":{"blue_green_update":[],"listener_endpoint":[],"master_user_secret":[],"password":true,"password_wo":true,"replicas":[],"restore_to_point_in_time":[],"s3_import":[],"tags":{},"tags_all":{},"vpc_security_group_ids":[false]}}},{"address":"aws_db_subnet_group.default","mode":"managed","type":"aws_db_subnet_group","name":"default","provider_name":"registry.terraform.io/hashicorp/aws","change":{"actions":["create"],"before":null,"after":{"description":"Managed by Terraform","name":"infrafy-db-subnet-group","region":"us-east-1","subnet_ids":["subnet-7f305f0709fa75e95","subnet-a626d584f40ec50d6","subnet-c0586db5aa6c1f4af","subnet-c3aac455f1203b9f5","subnet-de0c200d16daa15a5","subnet-e9e46644641e309a1"],"tags":null},"after_unknown":{"arn":true,"id":true,"name_prefix":true,"subnet_ids":[false,false,false,false,false,false],"supported_network_types":true,"tags_all":true,"vpc_id":true},"before_sensitive":false,"after_sensitive":{"subnet_ids":[false,false,false,false,false,false],"supported_network_types":[],"tags_all":{}}}},{"address":"random_password.db","mode":"managed","type":"random_password","name":"db","provider_name":"registry.terraform.io/hashicorp/random","change":{"actions":["create"],"before":null,"after":{"keepers":null,"length":16,"lower":true,"min_lower":0,"min_numeric":0,"min_special":0,"min_upper":0,"number":true,"numeric":true,"override_special":null,"special":true,"upper":true},"after_unknown":{"bcrypt_hash":true,"id":true,"result":true},"before_sensitive":false,"after_sensitive":{"bcrypt_hash":true,"result":true}}}],"output_changes":{"db_instance_endpoint":{"actions":["create"],"before":null,"after_unknown":true,"before_sensitive":false,"after_sensitive":false},"db_instance_id":{"actions":["create"],"before":null,"after_unknown":true,"before_sensitive":false,"after_sensitive":false}},"prior_state":{"format_version":"1.0","terraform_version":"1.13.5","values":{"root_module":{"resources":[{"address":"data.aws_security_group.default","mode":"data","type":"aws_security_group","name":"default","provider_name":"registry.terraform.io/hashicorp/aws","schema_version":0,"values":{"arn":"arn:aws:ec2:us-east-1:000000000000:security-group/sg-797c3ae436b5aa9b3","description":"default VPC security group","filter":[{"name":"vpc-id","values":["vpc-9ee2809ce72ef4549"]}],"id":"sg-797c3ae436b5aa9b3","name":"default","region":"us-east-1","tags":{},"timeouts":null,"vpc_id":"vpc-9ee2809ce72ef4549"},"sensitive_values":{"filter":[{"values":[false]}],"tags":{}}},{"address":"data.aws_subnets.default","mode":"data","type":"aws_subnets","name":"default","provider_name":"registry.terraform.io/hashicorp/aws","schema_version":0,"values":{"filter":[{"name":"vpc-id","values":["vpc-9ee2809ce72ef4549"]}],"id":"us-east-1","ids":["subnet-c0586db5aa6c1f4af","subnet-c3aac455f1203b9f5","subnet-de0c200d16daa15a5","subnet-7f305f0709fa75e95","subnet-e9e46644641e309a1","subnet-a626d584f40ec50d6"],"region":"us-east-1","tags":null,"timeouts":null},"sensitive_values":{"filter":[{"values":[false]}],"ids":[false,false,false,false,false,false]}},{"address":"data.aws_vpc.default","mode":"data","type":"aws_vpc","name":"default","provider_name":"registry.terraform.io/hashicorp/aws","schema_version":0,"values":{"arn":"arn:aws:ec2:us-east-1:000000000000:vpc/vpc-9ee2809ce72ef4549","cidr_block":"172.31.0.0/16","cidr_block_associations":[{"association_id":"vpc-cidr-assoc-81b19774064a38724","cidr_block":"172.31.0.0/16","state":"associated"}],"default":true,"dhcp_options_id":"default","enable_dns_hostnames":true,"enable_dns_support":true,"enable_network_address_usage_metrics":false,"filter":null,"id":"vpc-9ee2809ce72ef4549","instance_tenancy":"default","ipv6_association_id":"","ipv6_cidr_block":"","main_route_table_id":"rtb-e645954d9fc79e2fe","owner_id":"000000000000","region":"us-east-1","state":null,"tags":{},"timeouts":null},"sensitive_values":{"cidr_block_associations":[{}],"tags":{}}}]}}},"configuration":{"provider_config":{"aws":{"name":"aws","full_name":"registry.terraform.io/hashicorp/aws","version_constraint":"\u003e= 5.0.0","expressions":{"region":{"references":["var.aws_region"]}}},"random":{"name":"random","full_name":"registry.terraform.io/hashicorp/random","version_constraint":"\u003e= 3.0.0"}},"root_module":{"outputs":{"db_instance_endpoint":{"expression":{"references":["aws_db_instance.postgres.endpoint","aws_db_instance.postgres"]},"description":"RDS instance endpoint"},"db_instance_id":{"expression":{"references":["aws_db_instance.postgres.id","aws_db_instance.postgres"]},"description":"RDS instance ID"}},"resources":[{"address":"aws_db_instance.postgres","mode":"managed","type":"aws_db_instance","name":"postgres","provider_config_key":"aws","expressions":{"allocated_storage":{"constant_value":20},"db_name":{"references":["var.db_name"]},"db_subnet_group_name":{"references":["aws_db_subnet_group.default.name","aws_db_subnet_group.default"]},"engine":{"constant_value":"postgres"},"engine_version":{"constant_value":"16.2"},"identifier":{"references":["var.app_name"]},"instance_class":{"constant_value":"db.t3.micro"},"password":{"references":["var.db_password"]},"publicly_accessible":{"constant_value":true},"skip_final_snapshot":{"constant_value":true},"tags":{"references":["var.app_name"]},"username":{"references":["var.db_username"]},"vpc_security_group_ids":{"references":["data.aws_security_group.default.id","data.aws_security_group.default"]}},"schema_version":2},{"address":"aws_db_subnet_group.default","mode":"managed","type":"aws_db_subnet_group","name":"default","provider_config_key":"aws","expressions":{"name":{"references":["var.app_name"]},"subnet_ids":{"references":["data.aws_subnets.default.ids","data.aws_subnets.default"]}},"schema_version":0},{"address":"random_password.db","mode":"managed","type":"random_password","name":"db","provider_config_key":"random","expressions":{"length":{"constant_value":16},"special":{"constant_value":true}},"schema_version":3},{"address":"data.aws_security_group.default","mode":"data","type":"aws_security_group","name":"default","provider_config_key":"aws","expressions":{"filter":[{"name":{"constant_value":"vpc-id"},"values":{"references":["data.aws_vpc.default.id","data.aws_vpc.default"]}}]},"schema_version":0},{"address":"data.aws_subnets.default","mode":"data","type":"aws_subnets","name":"default","provider_config_key":"aws","expressions":{"filter":[{"name":{"constant_value":"vpc-id"},"values":{"references":["data.aws_vpc.default.id","data.aws_vpc.default"]}}]},"schema_version":0},{"address":"data.aws_vpc.default","mode":"data","type":"aws_vpc","name":"default","provider_config_key":"aws","expressions":{"default":{"constant_value":true}},"schema_version":0}],"variables":{"app_name":{"default":"infrafy","description":"Application name"},"aws_region":{"default":"us-east-1","description":"AWS region to deploy resources"},"db_name":{"default":"infrafy","description":"Database name"},"db_password":{"default":"kiwi","description":"Database master password"},"db_username":{"default":"kiwi","description":"Database master username"}}}},"relevant_attributes":[{"resource":"data.aws_subnets.default","attribute":["ids"]},{"resource":"data.aws_security_group.default","attribute":["id"]},{"resource":"aws_db_subnet_group.default","attribute":["name"]},{"resource":"aws_db_instance.postgres","attribute":["endpoint"]},{"resource":"aws_db_instance.postgres","attribute":["id"]}],"timestamp":"2026-01-23T15:00:21Z","applyable":true,"complete":true,"errored":false}
