{"format_version":"1.2","terraform_version":"1.13.5","variables":{"app_name":{"value":"trigger-mwaa-dag"},"aws_region":{"value":"us-east-1"},"lambda_log_level":{"value":"INFO"}},"planned_values":{"outputs":{"aws_region":{"sensitive":false,"type":"string","value":"us-east-1"},"input_bucket_id":{"sensitive":false},"lambda_function_name":{"sensitive":false,"type":"string","value":"trigger-mwaa-dag-trigger"}},"root_module":{"resources":[{"address":"aws_iam_role.lambda","mode":"managed","type":"aws_iam_role","name":"lambda","provider_name":"registry.terraform.io/hashicorp/aws","schema_version":0,"values":{"assume_role_policy":"{\"Statement\":[{\"Action\":\"sts:AssumeRole\",\"Effect\":\"Allow\",\"Principal\":{\"Service\":\"lambda.amazonaws.com\"}}],\"Version\":\"2012-10-17\"}","description":null,"force_detach_policies":false,"max_session_duration":3600,"name_prefix":"trigger-mwaa-dag-lambda-","path":"/","permissions_boundary":null,"tags":null,"tags_all":{"Managed":"terraform","Project":"trigger-mwaa-dag"}},"sensitive_values":{"inline_policy":[],"managed_policy_arns":[],"tags_all":{}},"identity_schema_version":0,"identity":{"account_id":null,"name":null}},{"address":"aws_iam_role_policy.lambda_s3_read","mode":"managed","type":"aws_iam_role_policy","name":"lambda_s3_read","provider_name":"registry.terraform.io/hashicorp/aws","schema_version":0,"values":{"name_prefix":"trigger-mwaa-dag-lambda-s3-"},"sensitive_values":{},"identity_schema_version":0,"identity":{"account_id":null,"name":null,"role":null}},{"address":"aws_iam_role_policy_attachment.lambda_basic","mode":"managed","type":"aws_iam_role_policy_attachment","name":"lambda_basic","provider_name":"registry.terraform.io/hashicorp/aws","schema_version":0,"values":{"policy_arn":"arn:aws:iam::aws:policy/service-role/AWSLambdaBasicExecutionRole"},"sensitive_values":{},"identity_schema_version":0,"identity":{"account_id":null,"policy_arn":null,"role":null}},{"address":"aws_lambda_function.trigger","mode":"managed","type":"aws_lambda_function","name":"trigger","provider_name":"registry.terraform.io/hashicorp/aws","schema_version":0,"values":{"capacity_provider_config":[],"code_signing_config_arn":null,"dead_letter_config":[],"description":null,"durable_config":[],"environment":[{"variables":{"LOG_LEVEL":"INFO","MWAA_ENV_NAME":"placeholder"}}],"file_system_config":[],"filename":"./build/trigger-dag.zip","function_name":"trigger-mwaa-dag-trigger","handler":"index.lambda_handler","image_config":[],"image_uri":null,"kms_key_arn":null,"layers":null,"memory_size":128,"package_type":"Zip","publish":false,"publish_to":null,"region":"us-east-1","replace_security_groups_on_destroy":null,"replacement_security_group_ids":null,"reserved_concurrent_executions":-1,"runtime":"python3.11","s3_bucket":null,"s3_key":null,"s3_object_version":null,"skip_destroy":false,"snap_start":[],"source_code_hash":"eQqG5XgOb20LTbtstZv55ozLXc4eFstUALg6FF6JfgY=","source_kms_key_arn":null,"tags":null,"tags_all":{"Managed":"terraform","Project":"trigger-mwaa-dag"},"tenancy_config":[],"timeout":30,"timeouts":null,"vpc_config":[]},"sensitive_values":{"architectures":[],"capacity_provider_config":[],"dead_letter_config":[],"durable_config":[],"environment":[{"variables":{}}],"ephemeral_storage":[],"file_system_config":[],"image_config":[],"logging_config":[],"snap_start":[],"tags_all":{},"tenancy_config":[],"tracing_config":[],"vpc_config":[]},"identity_schema_version":0,"identity":{"account_id":null,"function_name":null,"region":null}},{"address":"aws_lambda_permission.allow_s3","mode":"managed","type":"aws_lambda_permission","name":"allow_s3","provider_name":"registry.terraform.io/hashicorp/aws","schema_version":0,"values":{"action":"lambda:InvokeFunction","event_source_token":null,"function_name":"trigger-mwaa-dag-trigger","function_url_auth_type":null,"invoked_via_function_url":null,"principal":"s3.amazonaws.com","principal_org_id":null,"qualifier":null,"region":"us-east-1","source_account":null,"statement_id":"AllowExecutionFromS3"},"sensitive_values":{},"identity_schema_version":0,"identity":{"account_id":null,"function_name":null,"qualifier":null,"region":null,"statement_id":null}},{"address":"aws_s3_bucket.input","mode":"managed","type":"aws_s3_bucket","name":"input","provider_name":"registry.terraform.io/hashicorp/aws","schema_version":0,"values":{"bucket_prefix":"trigger-mwaa-dag-input-","force_destroy":true,"region":"us-east-1","tags":null,"tags_all":{"Managed":"terraform","Project":"trigger-mwaa-dag"},"timeouts":null},"sensitive_values":{"cors_rule":[],"grant":[],"lifecycle_rule":[],"logging":[],"object_lock_configuration":[],"replication_configuration":[],"server_side_encryption_configuration":[],"tags_all":{},"versioning":[],"website":[]},"identity_schema_version":0,"identity":{"account_id":null,"bucket":null,"region":null}},{"address":"aws_s3_bucket_notification.input","mode":"managed","type":"aws_s3_bucket_notification","name":"input","provider_name":"registry.terraform.io/hashicorp/aws","schema_version":0,"values":{"eventbridge":false,"lambda_function":[{"events":["s3:ObjectCreated:*"],"filter_prefix":null,"filter_suffix":"input.json"}],"queue":[],"region":"us-east-1","topic":[]},"sensitive_values":{"lambda_function":[{"events":[false]}],"queue":[],"topic":[]},"identity_schema_version":0,"identity":{"account_id":null,"bucket":null,"region":null}},{"address":"aws_s3_bucket_ownership_controls.input","mode":"managed","type":"aws_s3_bucket_ownership_controls","name":"input","provider_name":"registry.terraform.io/hashicorp/aws","schema_version":0,"values":{"region":"us-east-1","rule":[{"object_ownership":"BucketOwnerPreferred"}]},"sensitive_values":{"rule":[{}]},"identity_schema_version":0,"identity":{"account_id":null,"bucket":null,"region":null}},{"address":"aws_s3_bucket_public_access_block.input","mode":"managed","type":"aws_s3_bucket_public_access_block","name":"input","provider_name":"registry.terraform.io/hashicorp/aws","schema_version":0,"values":{"block_public_acls":true,"block_public_policy":true,"ignore_public_acls":true,"region":"us-east-1","restrict_public_buckets":true,"skip_destroy":null},"sensitive_values":{},"identity_schema_version":0,"identity":{"account_id":null,"bucket":null,"region":null}},{"address":"aws_s3_bucket_server_side_encryption_configuration.input","mode":"managed","type":"aws_s3_bucket_server_side_encryption_configuration","name":"input","provider_name":"registry.terraform.io/hashicorp/aws","schema_version":0,"values":{"expected_bucket_owner":null,"region":"us-east-1","rule":[{"apply_server_side_encryption_by_default":[{"kms_master_key_id":"","sse_algorithm":"AES256"}],"blocked_encryption_types":[],"bucket_key_enabled":null}]},"sensitive_values":{"rule":[{"apply_server_side_encryption_by_default":[{}],"blocked_encryption_types":[]}]},"identity_schema_version":0,"identity":{"account_id":null,"bucket":null,"expected_bucket_owner":null,"region":null}}]}},"resource_changes":[{"address":"aws_iam_role.lambda","mode":"managed","type":"aws_iam_role","name":"lambda","provider_name":"registry.terraform.io/hashicorp/aws","change":{"actions":["create"],"before":null,"after":{"assume_role_policy":"{\"Statement\":[{\"Action\":\"sts:AssumeRole\",\"Effect\":\"Allow\",\"Principal\":{\"Service\":\"lambda.amazonaws.com\"}}],\"Version\":\"2012-10-17\"}","description":null,"force_detach_policies":false,"max_session_duration":3600,"name_prefix":"trigger-mwaa-dag-lambda-","path":"/","permissions_boundary":null,"tags":null,"tags_all":{"Managed":"terraform","Project":"trigger-mwaa-dag"}},"after_unknown":{"arn":true,"create_date":true,"id":true,"inline_policy":true,"managed_policy_arns":true,"name":true,"tags_all":{},"unique_id":true},"before_sensitive":false,"after_sensitive":{"inline_policy":[],"managed_policy_arns":[],"tags_all":{}},"after_identity":{"account_id":null,"name":null}}},{"address":"aws_iam_role_policy.lambda_s3_read","mode":"managed","type":"aws_iam_role_policy","name":"lambda_s3_read","provider_name":"registry.terraform.io/hashicorp/aws","change":{"actions":["create"],"before":null,"after":{"name_prefix":"trigger-mwaa-dag-lambda-s3-"},"after_unknown":{"id":true,"name":true,"policy":true,"role":true},"before_sensitive":false,"after_sensitive":{},"after_identity":{"account_id":null,"name":null,"role":null}}},{"address":"aws_iam_role_policy_attachment.lambda_basic","mode":"managed","type":"aws_iam_role_policy_attachment","name":"lambda_basic","provider_name":"registry.terraform.io/hashicorp/aws","change":{"actions":["create"],"before":null,"after":{"policy_arn":"arn:aws:iam::aws:policy/service-role/AWSLambdaBasicExecutionRole"},"after_unknown":{"id":true,"role":true},"before_sensitive":false,"after_sensitive":{},"after_identity":{"account_id":null,"policy_arn":null,"role":null}}},{"address":"aws_lambda_function.trigger","mode":"managed","type":"aws_lambda_function","name":"trigger","provider_name":"registry.terraform.io/hashicorp/aws","change":{"actions":["create"],"before":null,"after":{"capacity_provider_config":[],"code_signing_config_arn":null,"dead_letter_config":[],"description":null,"durable_config":[],"environment":[{"variables":{"LOG_LEVEL":"INFO","MWAA_ENV_NAME":"placeholder"}}],"file_system_config":[],"filename":"./build/trigger-dag.zip","function_name":"trigger-mwaa-dag-trigger","handler":"index.lambda_handler","image_config":[],"image_uri":null,"kms_key_arn":null,"layers":null,"memory_size":128,"package_type":"Zip","publish":false,"publish_to":null,"region":"us-east-1","replace_security_groups_on_destroy":null,"replacement_security_group_ids":null,"reserved_concurrent_executions":-1,"runtime":"python3.11","s3_bucket":null,"s3_key":null,"s3_object_version":null,"skip_destroy":false,"snap_start":[],"source_code_hash":"eQqG5XgOb20LTbtstZv55ozLXc4eFstUALg6FF6JfgY=","source_kms_key_arn":null,"tags":null,"tags_all":{"Managed":"terraform","Project":"trigger-mwaa-dag"},"tenancy_config":[],"timeout":30,"timeouts":null,"vpc_config":[]},"after_unknown":{"architectures":true,"arn":true,"capacity_provider_config":[],"code_sha256":true,"dead_letter_config":[],"durable_config":[],"environment":[{"variables":{}}],"ephemeral_storage":true,"file_system_config":[],"id":true,"image_config":[],"invoke_arn":true,"last_modified":true,"logging_config":true,"qualified_arn":true,"qualified_invoke_arn":true,"response_streaming_invoke_arn":true,"role":true,"signing_job_arn":true,"signing_profile_version_arn":true,"snap_start":[],"source_code_size":true,"tags_all":{},"tenancy_config":[],"tracing_config":true,"version":true,"vpc_config":[]},"before_sensitive":false,"after_sensitive":{"architectures":[],"capacity_provider_config":[],"dead_letter_config":[],"durable_config":[],"environment":[{"variables":{}}],"ephemeral_storage":[],"file_system_config":[],"image_config":[],"logging_config":[],"snap_start":[],"tags_all":{},"tenancy_config":[],"tracing_config":[],"vpc_config":[]},"after_identity":{"account_id":null,"function_name":null,"region":null}}},{"address":"aws_lambda_permission.allow_s3","mode":"managed","type":"aws_lambda_permission","name":"allow_s3","provider_name":"registry.terraform.io/hashicorp/aws","change":{"actions":["create"],"before":null,"after":{"action":"lambda:InvokeFunction","event_source_token":null,"function_name":"trigger-mwaa-dag-trigger","function_url_auth_type":null,"invoked_via_function_url":null,"principal":"s3.amazonaws.com","principal_org_id":null,"qualifier":null,"region":"us-east-1","source_account":null,"statement_id":"AllowExecutionFromS3"},"after_unknown":{"id":true,"source_arn":true,"statement_id_prefix":true},"before_sensitive":false,"after_sensitive":{},"after_identity":{"account_id":null,"function_name":null,"qualifier":null,"region":null,"statement_id":null}}},{"address":"aws_s3_bucket.input","mode":"managed","type":"aws_s3_bucket","name":"input","provider_name":"registry.terraform.io/hashicorp/aws","change":{"actions":["create"],"before":null,"after":{"bucket_prefix":"trigger-mwaa-dag-input-","force_destroy":true,"region":"us-east-1","tags":null,"tags_all":{"Managed":"terraform","Project":"trigger-mwaa-dag"},"timeouts":null},"after_unknown":{"acceleration_status":true,"acl":true,"arn":true,"bucket":true,"bucket_domain_name":true,"bucket_region":true,"bucket_regional_domain_name":true,"cors_rule":true,"grant":true,"hosted_zone_id":true,"id":true,"lifecycle_rule":true,"logging":true,"object_lock_configuration":true,"object_lock_enabled":true,"policy":true,"replication_configuration":true,"request_payer":true,"server_side_encryption_configuration":true,"tags_all":{},"versioning":true,"website":true,"website_domain":true,"website_endpoint":true},"before_sensitive":false,"after_sensitive":{"cors_rule":[],"grant":[],"lifecycle_rule":[],"logging":[],"object_lock_configuration":[],"replication_configuration":[],"server_side_encryption_configuration":[],"tags_all":{},"versioning":[],"website":[]},"after_identity":{"account_id":null,"bucket":null,"region":null}}},{"address":"aws_s3_bucket_notification.input","mode":"managed","type":"aws_s3_bucket_notification","name":"input","provider_name":"registry.terraform.io/hashicorp/aws","change":{"actions":["create"],"before":null,"after":{"eventbridge":false,"lambda_function":[{"events":["s3:ObjectCreated:*"],"filter_prefix":null,"filter_suffix":"input.json"}],"queue":[],"region":"us-east-1","topic":[]},"after_unknown":{"bucket":true,"id":true,"lambda_function":[{"events":[false],"id":true,"lambda_function_arn":true}],"queue":[],"topic":[]},"before_sensitive":false,"after_sensitive":{"lambda_function":[{"events":[false]}],"queue":[],"topic":[]},"after_identity":{"account_id":null,"bucket":null,"region":null}}},{"address":"aws_s3_bucket_ownership_controls.input","mode":"managed","type":"aws_s3_bucket_ownership_controls","name":"input","provider_name":"registry.terraform.io/hashicorp/aws","change":{"actions":["create"],"before":null,"after":{"region":"us-east-1","rule":[{"object_ownership":"BucketOwnerPreferred"}]},"after_unknown":{"bucket":true,"id":true,"rule":[{}]},"before_sensitive":false,"after_sensitive":{"rule":[{}]},"after_identity":{"account_id":null,"bucket":null,"region":null}}},{"address":"aws_s3_bucket_public_access_block.input","mode":"managed","type":"aws_s3_bucket_public_access_block","name":"input","provider_name":"registry.terraform.io/hashicorp/aws","change":{"actions":["create"],"before":null,"after":{"block_public_acls":true,"block_public_policy":true,"ignore_public_acls":true,"region":"us-east-1","restrict_public_buckets":true,"skip_destroy":null},"after_unknown":{"bucket":true,"id":true},"before_sensitive":false,"after_sensitive":{},"after_identity":{"account_id":null,"bucket":null,"region":null}}},{"address":"aws_s3_bucket_server_side_encryption_configuration.input","mode":"managed","type":"aws_s3_bucket_server_side_encryption_configuration","name":"input","provider_name":"registry.terraform.io/hashicorp/aws","change":{"actions":["create"],"before":null,"after":{"expected_bucket_owner":null,"region":"us-east-1","rule":[{"apply_server_side_encryption_by_default":[{"kms_master_key_id":"","sse_algorithm":"AES256"}],"blocked_encryption_types":[],"bucket_key_enabled":null}]},"after_unknown":{"bucket":true,"id":true,"rule":[{"apply_server_side_encryption_by_default":[{}],"blocked_encryption_types":[]}]},"before_sensitive":false,"after_sensitive":{"rule":[{"apply_server_side_encryption_by_default":[{}],"blocked_encryption_types":[]}]},"after_identity":{"account_id":null,"bucket":null,"expected_bucket_owner":null,"region":null}}}],"output_changes":{"aws_region":{"actions":["create"],"before":null,"after":"us-east-1","after_unknown":false,"before_sensitive":false,"after_sensitive":false},"input_bucket_id":{"actions":["create"],"before":null,"after_unknown":true,"before_sensitive":false,"after_sensitive":false},"lambda_function_name":{"actions":["create"],"before":null,"after":"trigger-mwaa-dag-trigger","after_unknown":false,"before_sensitive":false,"after_sensitive":false}},"prior_state":{"format_version":"1.0","terraform_version":"1.13.5","values":{"outputs":{"aws_region":{"sensitive":false,"value":"us-east-1","type":"string"},"lambda_function_name":{"sensitive":false,"value":"trigger-mwaa-dag-trigger","type":"string"}},"root_module":{"resources":[{"address":"data.archive_file.lambda_dummy","mode":"data","type":"archive_file","name":"lambda_dummy","provider_name":"registry.terraform.io/hashicorp/archive","schema_version":0,"values":{"exclude_symlink_directories":null,"excludes":null,"id":"58e93fade67637870be5af38eff8d5aa66c7da49","output_base64sha256":"wmbalFzzY/wG3ivChKElOZB3+B4gptmQyIat05p+fU4=","output_base64sha512":"BQYAg1LwEY4tDmry1VoRx6StX0vjH+7LpfB5KAZLVvfJQjioPbBv1QxI6QF6P2U614fU3h9XKBCb9z5Y1ornqA==","output_file_mode":null,"output_md5":"a0dbd832a6a977d6d5b28ea5c85e30fb","output_path":"./.dummy/lambda.zip","output_sha":"58e93fade67637870be5af38eff8d5aa66c7da49","output_sha256":"c266da945cf363fc06de2bc284a125399077f81e20a6d990c886add39a7e7d4e","output_sha512":"0506008352f0118e2d0e6af2d55a11c7a4ad5f4be31feecba5f07928064b56f7c94238a83db06fd50c48e9017a3f653ad787d4de1f5728109bf73e58d68ae7a8","output_size":246,"source":[{"content":"exports.handler = async (event) =\u003e {\n  console.log(\"Dummy lambda invoked\");\n  return { statusCode: 200, body: \"dummy\" };\n};\n","filename":"index.js"}],"source_content":null,"source_content_filename":null,"source_dir":null,"source_file":null,"type":"zip"},"sensitive_values":{"source":[{}]}},{"address":"data.archive_file.lambda_zip","mode":"data","type":"archive_file","name":"lambda_zip","provider_name":"registry.terraform.io/hashicorp/archive","schema_version":0,"values":{"exclude_symlink_directories":null,"excludes":null,"id":"eac853346d6ada376c6430a8d01e63f5fa1273e6","output_base64sha256":"eQqG5XgOb20LTbtstZv55ozLXc4eFstUALg6FF6JfgY=","output_base64sha512":"e7sI/ngKXfifJssvDDXIEZn5OGTf7bSiGV/JtdC04UAYbdujQcjtb7ELTsK+Y3sjd3dpSfxjEcFWPSNopnZwJQ==","output_file_mode":null,"output_md5":"94e209b28f68b89d14a8a00be1b2dc95","output_path":"./build/trigger-dag.zip","output_sha":"eac853346d6ada376c6430a8d01e63f5fa1273e6","output_sha256":"790a86e5780e6f6d0b4dbb6cb59bf9e68ccb5dce1e16cb5400b83a145e897e06","output_sha512":"7bbb08fe780a5df89f26cb2f0c35c81199f93864dfedb4a2195fc9b5d0b4e140186ddba341c8ed6fb10b4ec2be637b2377776949fc6311c1563d2368a6767025","output_size":389,"source":[{"content":"import json\nimport logging\nimport os\n\nlogger = logging.getLogger()\nlogger.setLevel(os.getenv(\"LOG_LEVEL\", \"INFO\"))\n\n\ndef lambda_handler(event, context):\n    # Minimal handler: logs S3 event. In the full reference architecture this would\n    # call MWAA create_cli_token and trigger a DAG.\n    logger.info(\"Received event: %s\", json.dumps(event))\n    return {\"ok\": True}\n","filename":"index.py"}],"source_content":null,"source_content_filename":null,"source_dir":null,"source_file":null,"type":"zip"},"sensitive_values":{"source":[{}]}},{"address":"data.aws_caller_identity.current","mode":"data","type":"aws_caller_identity","name":"current","provider_name":"registry.terraform.io/hashicorp/aws","schema_version":0,"values":{"account_id":"000000000000","arn":"arn:aws:iam::000000000000:root","id":"000000000000","user_id":"AKIAIOSFODNN7EXAMPLE"},"sensitive_values":{}},{"address":"data.aws_partition.current","mode":"data","type":"aws_partition","name":"current","provider_name":"registry.terraform.io/hashicorp/aws","schema_version":0,"values":{"dns_suffix":"amazonaws.com","id":"aws","partition":"aws","reverse_dns_prefix":"com.amazonaws"},"sensitive_values":{}},{"address":"data.aws_region.current","mode":"data","type":"aws_region","name":"current","provider_name":"registry.terraform.io/hashicorp/aws","schema_version":0,"values":{"description":"US East (N. Virginia)","endpoint":"ec2.us-east-1.amazonaws.com","id":"us-east-1","name":"us-east-1","region":"us-east-1"},"sensitive_values":{}}]}}},"configuration":{"provider_config":{"archive":{"name":"archive","full_name":"registry.terraform.io/hashicorp/archive","version_constraint":"\u003e= 2.4.0"},"aws":{"name":"aws","full_name":"registry.terraform.io/hashicorp/aws","version_constraint":"\u003e= 5.0.0","expressions":{"default_tags":[{"tags":{"references":["var.app_name"]}}],"region":{"references":["var.aws_region"]}}}},"root_module":{"outputs":{"aws_region":{"expression":{"references":["var.aws_region"]}},"input_bucket_id":{"expression":{"references":["aws_s3_bucket.input.id","aws_s3_bucket.input"]},"description":"S3 bucket name for uploading input.json"},"lambda_function_name":{"expression":{"references":["aws_lambda_function.trigger.function_name","aws_lambda_function.trigger"]},"description":"Lambda function name that receives S3 events"}},"resources":[{"address":"aws_iam_role.lambda","mode":"managed","type":"aws_iam_role","name":"lambda","provider_config_key":"aws","expressions":{"assume_role_policy":{},"name_prefix":{"references":["local.name_prefix"]}},"schema_version":0},{"address":"aws_iam_role_policy.lambda_s3_read","mode":"managed","type":"aws_iam_role_policy","name":"lambda_s3_read","provider_config_key":"aws","expressions":{"name_prefix":{"references":["local.name_prefix"]},"policy":{"references":["aws_s3_bucket.input.arn","aws_s3_bucket.input"]},"role":{"references":["aws_iam_role.lambda.id","aws_iam_role.lambda"]}},"schema_version":0},{"address":"aws_iam_role_policy_attachment.lambda_basic","mode":"managed","type":"aws_iam_role_policy_attachment","name":"lambda_basic","provider_config_key":"aws","expressions":{"policy_arn":{"references":["data.aws_partition.current.partition","data.aws_partition.current"]},"role":{"references":["aws_iam_role.lambda.name","aws_iam_role.lambda"]}},"schema_version":0},{"address":"aws_lambda_function.trigger","mode":"managed","type":"aws_lambda_function","name":"trigger","provider_config_key":"aws","expressions":{"environment":[{"variables":{"references":["var.lambda_log_level"]}}],"filename":{"references":["data.archive_file.lambda_zip.output_path","data.archive_file.lambda_zip"]},"function_name":{"references":["local.name_prefix"]},"handler":{"constant_value":"index.lambda_handler"},"role":{"references":["aws_iam_role.lambda.arn","aws_iam_role.lambda"]},"runtime":{"constant_value":"python3.11"},"source_code_hash":{"references":["data.archive_file.lambda_zip.output_base64sha256","data.archive_file.lambda_zip"]},"timeout":{"constant_value":30}},"schema_version":0},{"address":"aws_lambda_permission.allow_s3","mode":"managed","type":"aws_lambda_permission","name":"allow_s3","provider_config_key":"aws","expressions":{"action":{"constant_value":"lambda:InvokeFunction"},"function_name":{"references":["aws_lambda_function.trigger.function_name","aws_lambda_function.trigger"]},"principal":{"constant_value":"s3.amazonaws.com"},"source_arn":{"references":["aws_s3_bucket.input.arn","aws_s3_bucket.input"]},"statement_id":{"constant_value":"AllowExecutionFromS3"}},"schema_version":0},{"address":"aws_s3_bucket.input","mode":"managed","type":"aws_s3_bucket","name":"input","provider_config_key":"aws","expressions":{"bucket_prefix":{"references":["local.name_prefix"]},"force_destroy":{"constant_value":true}},"schema_version":0},{"address":"aws_s3_bucket_notification.input","mode":"managed","type":"aws_s3_bucket_notification","name":"input","provider_config_key":"aws","expressions":{"bucket":{"references":["aws_s3_bucket.input.id","aws_s3_bucket.input"]},"lambda_function":[{"events":{"constant_value":["s3:ObjectCreated:*"]},"filter_suffix":{"constant_value":"input.json"},"lambda_function_arn":{"references":["aws_lambda_function.trigger.arn","aws_lambda_function.trigger"]}}]},"schema_version":0,"depends_on":["aws_lambda_permission.allow_s3"]},{"address":"aws_s3_bucket_ownership_controls.input","mode":"managed","type":"aws_s3_bucket_ownership_controls","name":"input","provider_config_key":"aws","expressions":{"bucket":{"references":["aws_s3_bucket.input.id","aws_s3_bucket.input"]},"rule":[{"object_ownership":{"constant_value":"BucketOwnerPreferred"}}]},"schema_version":0},{"address":"aws_s3_bucket_public_access_block.input","mode":"managed","type":"aws_s3_bucket_public_access_block","name":"input","provider_config_key":"aws","expressions":{"block_public_acls":{"constant_value":true},"block_public_policy":{"constant_value":true},"bucket":{"references":["aws_s3_bucket.input.id","aws_s3_bucket.input"]},"ignore_public_acls":{"constant_value":true},"restrict_public_buckets":{"constant_value":true}},"schema_version":0},{"address":"aws_s3_bucket_server_side_encryption_configuration.input","mode":"managed","type":"aws_s3_bucket_server_side_encryption_configuration","name":"input","provider_config_key":"aws","expressions":{"bucket":{"references":["aws_s3_bucket.input.id","aws_s3_bucket.input"]},"rule":[{"apply_server_side_encryption_by_default":[{"sse_algorithm":{"constant_value":"AES256"}}]}]},"schema_version":0},{"address":"data.archive_file.lambda_dummy","mode":"data","type":"archive_file","name":"lambda_dummy","provider_config_key":"archive","expressions":{"output_path":{"references":["local.lambda_dummy_zip"]},"source":[{"content":{"constant_value":"exports.handler = async (event) =\u003e {\n  console.log(\"Dummy lambda invoked\");\n  return { statusCode: 200, body: \"dummy\" };\n};\n"},"filename":{"constant_value":"index.js"}}],"type":{"constant_value":"zip"}},"schema_version":0},{"address":"data.archive_file.lambda_zip","mode":"data","type":"archive_file","name":"lambda_zip","provider_config_key":"archive","expressions":{"output_path":{"references":["path.module"]},"source":[{"content":{"references":["path.module"]},"filename":{"constant_value":"index.py"}}],"type":{"constant_value":"zip"}},"schema_version":0},{"address":"data.aws_caller_identity.current","mode":"data","type":"aws_caller_identity","name":"current","provider_config_key":"aws","schema_version":0},{"address":"data.aws_partition.current","mode":"data","type":"aws_partition","name":"current","provider_config_key":"aws","schema_version":0},{"address":"data.aws_region.current","mode":"data","type":"aws_region","name":"current","provider_config_key":"aws","schema_version":0}],"variables":{"app_name":{"default":"trigger-mwaa-dag","description":"Application name used for naming/tagging"},"aws_region":{"default":"us-east-1","description":"AWS region to deploy into"},"lambda_log_level":{"default":"INFO","description":"Log level for the Lambda function"}}}},"relevant_attributes":[{"resource":"data.archive_file.lambda_zip","attribute":["output_base64sha256"]},{"resource":"aws_iam_role.lambda","attribute":["arn"]},{"resource":"data.aws_partition.current","attribute":["partition"]},{"resource":"aws_lambda_function.trigger","attribute":["arn"]},{"resource":"aws_lambda_function.trigger","attribute":["function_name"]},{"resource":"aws_iam_role.lambda","attribute":["id"]},{"resource":"aws_s3_bucket.input","attribute":["arn"]},{"resource":"data.archive_file.lambda_zip","attribute":["output_path"]},{"resource":"aws_iam_role.lambda","attribute":["name"]},{"resource":"aws_s3_bucket.input","attribute":["id"]}],"timestamp":"2026-01-27T11:56:08Z","applyable":true,"complete":true,"errored":false}
