data.archive_file.lambda_zip: Reading...
data.archive_file.lambda_dummy: Reading...
data.archive_file.lambda_zip: Read complete after 0s [id=528a9e0094101f8fa3ba73ace4a8a133e40087ad]
data.archive_file.lambda_dummy: Read complete after 0s [id=58e93fade67637870be5af38eff8d5aa66c7da49]
data.aws_partition.current: Reading...
data.aws_region.current: Reading...
data.aws_caller_identity.current: Reading...
data.aws_partition.current: Read complete after 0s [id=aws]
data.aws_region.current: Read complete after 0s [id=us-east-1]
data.aws_caller_identity.current: Read complete after 0s [id=000000000000]

Terraform used the selected providers to generate the following execution
plan. Resource actions are indicated with the following symbols:
  + create

Terraform will perform the following actions:

  # aws_cloudwatch_event_rule.schedule will be created
  + resource "aws_cloudwatch_event_rule" "schedule" {
      + arn                 = (known after apply)
      + event_bus_name      = "default"
      + force_destroy       = false
      + id                  = (known after apply)
      + name                = (known after apply)
      + name_prefix         = "ssm-parameter-store-backup-dev-schedule-"
      + region              = "us-east-1"
      + schedule_expression = "rate(1 day)"
      + tags_all            = {
          + "Environment" = "dev"
          + "ManagedBy"   = "terraform"
          + "Project"     = "ssm-parameter-store-backup"
        }
    }

  # aws_cloudwatch_event_target.lambda will be created
  + resource "aws_cloudwatch_event_target" "lambda" {
      + arn            = (known after apply)
      + event_bus_name = "default"
      + force_destroy  = false
      + id             = (known after apply)
      + region         = "us-east-1"
      + rule           = (known after apply)
      + target_id      = "invoke-lambda"
    }

  # aws_cloudwatch_log_group.lambda will be created
  + resource "aws_cloudwatch_log_group" "lambda" {
      + arn                         = (known after apply)
      + deletion_protection_enabled = (known after apply)
      + id                          = (known after apply)
      + log_group_class             = (known after apply)
      + name                        = "/aws/lambda/ssm-parameter-store-backup-dev-ssm-backup"
      + name_prefix                 = (known after apply)
      + region                      = "us-east-1"
      + retention_in_days           = 14
      + skip_destroy                = false
      + tags_all                    = {
          + "Environment" = "dev"
          + "ManagedBy"   = "terraform"
          + "Project"     = "ssm-parameter-store-backup"
        }
    }

  # aws_iam_role.lambda will be created
  + resource "aws_iam_role" "lambda" {
      + arn                   = (known after apply)
      + assume_role_policy    = jsonencode(
            {
              + Statement = [
                  + {
                      + Action    = "sts:AssumeRole"
                      + Effect    = "Allow"
                      + Principal = {
                          + Service = "lambda.amazonaws.com"
                        }
                    },
                ]
              + Version   = "2012-10-17"
            }
        )
      + create_date           = (known after apply)
      + force_detach_policies = false
      + id                    = (known after apply)
      + managed_policy_arns   = (known after apply)
      + max_session_duration  = 3600
      + name                  = (known after apply)
      + name_prefix           = "ssm-parameter-store-backup-dev-lambda-"
      + path                  = "/"
      + tags_all              = {
          + "Environment" = "dev"
          + "ManagedBy"   = "terraform"
          + "Project"     = "ssm-parameter-store-backup"
        }
      + unique_id             = (known after apply)

      + inline_policy (known after apply)
    }

  # aws_iam_role_policy.lambda_inline will be created
  + resource "aws_iam_role_policy" "lambda_inline" {
      + id          = (known after apply)
      + name        = (known after apply)
      + name_prefix = "ssm-parameter-store-backup-dev-lambda-inline-"
      + policy      = (known after apply)
      + role        = (known after apply)
    }

  # aws_kms_alias.backup will be created
  + resource "aws_kms_alias" "backup" {
      + arn            = (known after apply)
      + id             = (known after apply)
      + name           = "alias/ssm-parameter-store-backup-dev-backup"
      + name_prefix    = (known after apply)
      + region         = "us-east-1"
      + target_key_arn = (known after apply)
      + target_key_id  = (known after apply)
    }

  # aws_kms_key.backup will be created
  + resource "aws_kms_key" "backup" {
      + arn                                = (known after apply)
      + bypass_policy_lockout_safety_check = false
      + customer_master_key_spec           = "SYMMETRIC_DEFAULT"
      + deletion_window_in_days            = 7
      + description                        = "KMS key for ssm-parameter-store-backup-dev SSM Parameter Store backups"
      + enable_key_rotation                = true
      + id                                 = (known after apply)
      + is_enabled                         = true
      + key_id                             = (known after apply)
      + key_usage                          = "ENCRYPT_DECRYPT"
      + multi_region                       = (known after apply)
      + policy                             = (known after apply)
      + region                             = "us-east-1"
      + rotation_period_in_days            = (known after apply)
      + tags_all                           = {
          + "Environment" = "dev"
          + "ManagedBy"   = "terraform"
          + "Project"     = "ssm-parameter-store-backup"
        }
    }

  # aws_lambda_function.backup will be created
  + resource "aws_lambda_function" "backup" {
      + architectures                  = (known after apply)
      + arn                            = (known after apply)
      + code_sha256                    = (known after apply)
      + filename                       = "./build/ssm_backup.zip"
      + function_name                  = "ssm-parameter-store-backup-dev-ssm-backup"
      + handler                        = "ssm_backup.lambda_handler"
      + id                             = (known after apply)
      + invoke_arn                     = (known after apply)
      + last_modified                  = (known after apply)
      + memory_size                    = 256
      + package_type                   = "Zip"
      + publish                        = false
      + qualified_arn                  = (known after apply)
      + qualified_invoke_arn           = (known after apply)
      + region                         = "us-east-1"
      + reserved_concurrent_executions = -1
      + response_streaming_invoke_arn  = (known after apply)
      + role                           = (known after apply)
      + runtime                        = "python3.11"
      + signing_job_arn                = (known after apply)
      + signing_profile_version_arn    = (known after apply)
      + skip_destroy                   = false
      + source_code_hash               = "rS0UpZ7FoeRw2QjN/NTibIWt9u3NbHDCz9TPQj92PrM="
      + source_code_size               = (known after apply)
      + tags_all                       = {
          + "Environment" = "dev"
          + "ManagedBy"   = "terraform"
          + "Project"     = "ssm-parameter-store-backup"
        }
      + timeout                        = 300
      + version                        = (known after apply)

      + environment {
          + variables = (known after apply)
        }

      + ephemeral_storage (known after apply)

      + logging_config (known after apply)

      + tracing_config (known after apply)
    }

  # aws_lambda_permission.allow_eventbridge will be created
  + resource "aws_lambda_permission" "allow_eventbridge" {
      + action              = "lambda:InvokeFunction"
      + function_name       = "ssm-parameter-store-backup-dev-ssm-backup"
      + id                  = (known after apply)
      + principal           = "events.amazonaws.com"
      + region              = "us-east-1"
      + source_arn          = (known after apply)
      + statement_id        = "AllowExecutionFromEventBridge"
      + statement_id_prefix = (known after apply)
    }

  # aws_s3_bucket.backup will be created
  + resource "aws_s3_bucket" "backup" {
      + acceleration_status         = (known after apply)
      + acl                         = (known after apply)
      + arn                         = (known after apply)
      + bucket                      = (known after apply)
      + bucket_domain_name          = (known after apply)
      + bucket_prefix               = "ssm-bkp-dev-"
      + bucket_region               = (known after apply)
      + bucket_regional_domain_name = (known after apply)
      + force_destroy               = false
      + hosted_zone_id              = (known after apply)
      + id                          = (known after apply)
      + object_lock_enabled         = (known after apply)
      + policy                      = (known after apply)
      + region                      = "us-east-1"
      + request_payer               = (known after apply)
      + tags_all                    = {
          + "Environment" = "dev"
          + "ManagedBy"   = "terraform"
          + "Project"     = "ssm-parameter-store-backup"
        }
      + website_domain              = (known after apply)
      + website_endpoint            = (known after apply)

      + cors_rule (known after apply)

      + grant (known after apply)

      + lifecycle_rule (known after apply)

      + logging (known after apply)

      + object_lock_configuration (known after apply)

      + replication_configuration (known after apply)

      + server_side_encryption_configuration (known after apply)

      + versioning (known after apply)

      + website (known after apply)
    }

  # aws_s3_bucket_public_access_block.backup will be created
  + resource "aws_s3_bucket_public_access_block" "backup" {
      + block_public_acls       = true
      + block_public_policy     = true
      + bucket                  = (known after apply)
      + id                      = (known after apply)
      + ignore_public_acls      = true
      + region                  = "us-east-1"
      + restrict_public_buckets = true
    }

  # aws_s3_bucket_server_side_encryption_configuration.backup will be created
  + resource "aws_s3_bucket_server_side_encryption_configuration" "backup" {
      + bucket = (known after apply)
      + id     = (known after apply)
      + region = "us-east-1"

      + rule {
          + blocked_encryption_types = []

          + apply_server_side_encryption_by_default {
              + kms_master_key_id = (known after apply)
              + sse_algorithm     = "aws:kms"
            }
        }
    }

  # aws_s3_bucket_versioning.backup will be created
  + resource "aws_s3_bucket_versioning" "backup" {
      + bucket = (known after apply)
      + id     = (known after apply)
      + region = "us-east-1"

      + versioning_configuration {
          + mfa_delete = (known after apply)
          + status     = "Enabled"
        }
    }

Plan: 13 to add, 0 to change, 0 to destroy.

Changes to Outputs:
  + backup_bucket_name   = (known after apply)
  + event_rule_name      = (known after apply)
  + kms_key_arn          = (known after apply)
  + lambda_function_name = "ssm-parameter-store-backup-dev-ssm-backup"
aws_kms_key.backup: Creating...
aws_iam_role.lambda: Creating...
aws_cloudwatch_event_rule.schedule: Creating...
aws_s3_bucket.backup: Creating...
aws_cloudwatch_event_rule.schedule: Creation complete after 0s [id=ssm-parameter-store-backup-dev-schedule-20260125142045559200000001]
aws_iam_role.lambda: Creation complete after 0s [id=ssm-parameter-store-backup-dev-lambda-20260125142045559300000002]
aws_kms_key.backup: Creation complete after 8s [id=4dff28ee-a587-489c-b22b-a7678e891307]
aws_kms_alias.backup: Creating...
aws_kms_alias.backup: Creation complete after 0s [id=alias/ssm-parameter-store-backup-dev-backup]
aws_s3_bucket.backup: Still creating... [00m10s elapsed]
aws_s3_bucket.backup: Still creating... [00m20s elapsed]
aws_s3_bucket.backup: Still creating... [00m30s elapsed]
aws_s3_bucket.backup: Still creating... [00m40s elapsed]
aws_s3_bucket.backup: Still creating... [00m50s elapsed]
aws_s3_bucket.backup: Still creating... [01m00s elapsed]
aws_s3_bucket.backup: Still creating... [01m10s elapsed]
aws_s3_bucket.backup: Still creating... [01m20s elapsed]
aws_s3_bucket.backup: Still creating... [01m30s elapsed]
aws_s3_bucket.backup: Still creating... [01m40s elapsed]
aws_s3_bucket.backup: Still creating... [01m50s elapsed]
aws_s3_bucket.backup: Still creating... [02m00s elapsed]
aws_s3_bucket.backup: Still creating... [02m10s elapsed]
aws_s3_bucket.backup: Still creating... [02m20s elapsed]
aws_s3_bucket.backup: Still creating... [02m30s elapsed]
aws_s3_bucket.backup: Still creating... [02m40s elapsed]
aws_s3_bucket.backup: Still creating... [02m50s elapsed]
