{
  "version": 4,
  "terraform_version": "1.13.5",
  "serial": 7,
  "lineage": "e5982f02-f2b1-b895-7068-748858e4c94a",
  "outputs": {
    "cloudwatch_log_group_name": {
      "value": "/ecs/mongodb-aws-ecs",
      "type": "string"
    },
    "default_vpc_id": {
      "value": "vpc-57b112c5b17f5b3d7",
      "type": "string"
    },
    "ecs_cluster_name": {
      "value": "mongodb-aws-ecs",
      "type": "string"
    },
    "ecs_service_name": {
      "value": "mongodb-aws-ecs",
      "type": "string"
    }
  },
  "resources": [
    {
      "mode": "data",
      "type": "aws_iam_policy_document",
      "name": "ecs_task_assume",
      "provider": "provider[\"registry.terraform.io/hashicorp/aws\"]",
      "instances": [
        {
          "schema_version": 0,
          "attributes": {
            "id": "1077804475",
            "json": "{\n  \"Version\": \"2012-10-17\",\n  \"Statement\": [\n    {\n      \"Effect\": \"Allow\",\n      \"Action\": \"sts:AssumeRole\",\n      \"Principal\": {\n        \"Service\": \"ecs-tasks.amazonaws.com\"\n      }\n    }\n  ]\n}",
            "minified_json": "{\"Version\":\"2012-10-17\",\"Statement\":[{\"Effect\":\"Allow\",\"Action\":\"sts:AssumeRole\",\"Principal\":{\"Service\":\"ecs-tasks.amazonaws.com\"}}]}",
            "override_json": null,
            "override_policy_documents": null,
            "policy_id": null,
            "source_json": null,
            "source_policy_documents": null,
            "statement": [
              {
                "actions": [
                  "sts:AssumeRole"
                ],
                "condition": [],
                "effect": "Allow",
                "not_actions": [],
                "not_principals": [],
                "not_resources": [],
                "principals": [
                  {
                    "identifiers": [
                      "ecs-tasks.amazonaws.com"
                    ],
                    "type": "Service"
                  }
                ],
                "resources": [],
                "sid": ""
              }
            ],
            "version": "2012-10-17"
          },
          "sensitive_attributes": [],
          "identity_schema_version": 0
        }
      ]
    },
    {
      "mode": "data",
      "type": "aws_region",
      "name": "current",
      "provider": "provider[\"registry.terraform.io/hashicorp/aws\"]",
      "instances": [
        {
          "schema_version": 0,
          "attributes": {
            "description": "US East (N. Virginia)",
            "endpoint": "ec2.us-east-1.amazonaws.com",
            "id": "us-east-1",
            "name": "us-east-1",
            "region": "us-east-1"
          },
          "sensitive_attributes": [],
          "identity_schema_version": 0
        }
      ]
    },
    {
      "mode": "data",
      "type": "aws_subnets",
      "name": "default",
      "provider": "provider[\"registry.terraform.io/hashicorp/aws\"]",
      "instances": [
        {
          "schema_version": 0,
          "attributes": {
            "filter": [
              {
                "name": "vpc-id",
                "values": [
                  "vpc-57b112c5b17f5b3d7"
                ]
              }
            ],
            "id": "us-east-1",
            "ids": [
              "subnet-e6373612056a3ef20",
              "subnet-1a76f6a9b87c6bc4e",
              "subnet-11f490d2f5944f81d",
              "subnet-e2c01c024f10845ec",
              "subnet-62b1d0d8d506bcdff",
              "subnet-02784452a7f0ab58b"
            ],
            "region": "us-east-1",
            "tags": null,
            "timeouts": null
          },
          "sensitive_attributes": [],
          "identity_schema_version": 0
        }
      ]
    },
    {
      "mode": "data",
      "type": "aws_vpc",
      "name": "default",
      "provider": "provider[\"registry.terraform.io/hashicorp/aws\"]",
      "instances": [
        {
          "schema_version": 0,
          "attributes": {
            "arn": "arn:aws:ec2:us-east-1:000000000000:vpc/vpc-57b112c5b17f5b3d7",
            "cidr_block": "172.31.0.0/16",
            "cidr_block_associations": [
              {
                "association_id": "vpc-cidr-assoc-dc1c14ae58ee665ab",
                "cidr_block": "172.31.0.0/16",
                "state": "associated"
              }
            ],
            "default": true,
            "dhcp_options_id": "default",
            "enable_dns_hostnames": true,
            "enable_dns_support": true,
            "enable_network_address_usage_metrics": false,
            "filter": null,
            "id": "vpc-57b112c5b17f5b3d7",
            "instance_tenancy": "default",
            "ipv6_association_id": "",
            "ipv6_cidr_block": "",
            "main_route_table_id": "rtb-bb8b335d4bdd119f4",
            "owner_id": "000000000000",
            "region": "us-east-1",
            "state": null,
            "tags": {},
            "timeouts": null
          },
          "sensitive_attributes": [],
          "identity_schema_version": 0
        }
      ]
    },
    {
      "mode": "managed",
      "type": "aws_cloudwatch_log_group",
      "name": "app",
      "provider": "provider[\"registry.terraform.io/hashicorp/aws\"]",
      "instances": [
        {
          "schema_version": 0,
          "attributes": {
            "arn": "arn:aws:logs:us-east-1:000000000000:log-group:/ecs/mongodb-aws-ecs",
            "deletion_protection_enabled": false,
            "id": "/ecs/mongodb-aws-ecs",
            "kms_key_id": "",
            "log_group_class": "",
            "name": "/ecs/mongodb-aws-ecs",
            "name_prefix": "",
            "region": "us-east-1",
            "retention_in_days": 7,
            "skip_destroy": false,
            "tags": null,
            "tags_all": {
              "Application": "mongodb-aws-ecs",
              "ManagedBy": "terraform"
            }
          },
          "sensitive_attributes": [],
          "identity_schema_version": 0,
          "identity": {
            "account_id": "000000000000",
            "name": "/ecs/mongodb-aws-ecs",
            "region": "us-east-1"
          },
          "private": "bnVsbA=="
        }
      ]
    },
    {
      "mode": "managed",
      "type": "aws_ecs_cluster",
      "name": "this",
      "provider": "provider[\"registry.terraform.io/hashicorp/aws\"]",
      "instances": [
        {
          "schema_version": 0,
          "attributes": {
            "arn": "arn:aws:ecs:us-east-1:000000000000:cluster/mongodb-aws-ecs",
            "configuration": [],
            "id": "arn:aws:ecs:us-east-1:000000000000:cluster/mongodb-aws-ecs",
            "name": "mongodb-aws-ecs",
            "region": "us-east-1",
            "service_connect_defaults": [],
            "setting": [
              {
                "name": "containerInsights",
                "value": "disabled"
              }
            ],
            "tags": null,
            "tags_all": {
              "Application": "mongodb-aws-ecs",
              "ManagedBy": "terraform"
            }
          },
          "sensitive_attributes": [],
          "identity_schema_version": 0,
          "private": "bnVsbA=="
        }
      ]
    },
    {
      "mode": "managed",
      "type": "aws_ecs_service",
      "name": "this",
      "provider": "provider[\"registry.terraform.io/hashicorp/aws\"]",
      "instances": [
        {
          "schema_version": 1,
          "attributes": {
            "alarms": [],
            "arn": "arn:aws:ecs:us-east-1:000000000000:service/mongodb-aws-ecs/mongodb-aws-ecs",
            "availability_zone_rebalancing": "",
            "capacity_provider_strategy": [],
            "cluster": "arn:aws:ecs:us-east-1:000000000000:cluster/mongodb-aws-ecs",
            "deployment_circuit_breaker": [
              {
                "enable": false,
                "rollback": false
              }
            ],
            "deployment_configuration": [],
            "deployment_controller": [
              {
                "type": "ECS"
              }
            ],
            "deployment_maximum_percent": 200,
            "deployment_minimum_healthy_percent": 100,
            "desired_count": 1,
            "enable_ecs_managed_tags": false,
            "enable_execute_command": false,
            "force_delete": null,
            "force_new_deployment": null,
            "health_check_grace_period_seconds": 0,
            "iam_role": null,
            "id": "arn:aws:ecs:us-east-1:000000000000:service/mongodb-aws-ecs/mongodb-aws-ecs",
            "launch_type": "FARGATE",
            "load_balancer": [],
            "name": "mongodb-aws-ecs",
            "network_configuration": [
              {
                "assign_public_ip": true,
                "security_groups": null,
                "subnets": [
                  "subnet-02784452a7f0ab58b",
                  "subnet-11f490d2f5944f81d",
                  "subnet-1a76f6a9b87c6bc4e",
                  "subnet-62b1d0d8d506bcdff",
                  "subnet-e2c01c024f10845ec",
                  "subnet-e6373612056a3ef20"
                ]
              }
            ],
            "ordered_placement_strategy": [],
            "placement_constraints": [],
            "platform_version": "",
            "propagate_tags": "",
            "region": "us-east-1",
            "scheduling_strategy": "REPLICA",
            "service_connect_configuration": [],
            "service_registries": [],
            "sigint_rollback": null,
            "tags": null,
            "tags_all": {
              "Application": "mongodb-aws-ecs",
              "ManagedBy": "terraform"
            },
            "task_definition": "arn:aws:ecs:us-east-1:000000000000:task-definition/mongodb-aws-ecs:1",
            "timeouts": null,
            "triggers": {},
            "volume_configuration": [],
            "vpc_lattice_configurations": [],
            "wait_for_steady_state": false
          },
          "sensitive_attributes": [],
          "identity_schema_version": 0,
          "private": "eyJlMmJmYjczMC1lY2FhLTExZTYtOGY4OC0zNDM2M2JjN2M0YzAiOnsiY3JlYXRlIjoxMjAwMDAwMDAwMDAwLCJkZWxldGUiOjEyMDAwMDAwMDAwMDAsInVwZGF0ZSI6MTIwMDAwMDAwMDAwMH0sInNjaGVtYV92ZXJzaW9uIjoiMSJ9",
          "dependencies": [
            "aws_cloudwatch_log_group.app",
            "aws_ecs_cluster.this",
            "aws_ecs_task_definition.this",
            "aws_iam_role.task_execution",
            "aws_iam_role_policy_attachment.task_execution",
            "data.aws_iam_policy_document.ecs_task_assume",
            "data.aws_region.current",
            "data.aws_subnets.default",
            "data.aws_vpc.default"
          ]
        }
      ]
    },
    {
      "mode": "managed",
      "type": "aws_ecs_task_definition",
      "name": "this",
      "provider": "provider[\"registry.terraform.io/hashicorp/aws\"]",
      "instances": [
        {
          "schema_version": 1,
          "attributes": {
            "arn": "arn:aws:ecs:us-east-1:000000000000:task-definition/mongodb-aws-ecs:1",
            "arn_without_revision": "arn:aws:ecs:us-east-1:000000000000:task-definition/mongodb-aws-ecs",
            "container_definitions": "[{\"environment\":[{\"name\":\"MONGODB_URI\",\"value\":\"ai-basis-tf\"}],\"essential\":true,\"image\":\"ai-basis-tf\",\"logConfiguration\":{\"logDriver\":\"awslogs\",\"options\":{\"awslogs-region\":\"us-east-1\",\"awslogs-stream-prefix\":\"ecs\",\"awslogs-group\":\"/ecs/mongodb-aws-ecs\"}},\"mountPoints\":[],\"name\":\"mongodb-aws-ecs\",\"portMappings\":[],\"volumesFrom\":[]}]",
            "cpu": "256",
            "enable_fault_injection": false,
            "ephemeral_storage": [],
            "execution_role_arn": "arn:aws:iam::000000000000:role/mongodb-aws-ecs-task-exec",
            "family": "mongodb-aws-ecs",
            "id": "mongodb-aws-ecs",
            "ipc_mode": "",
            "memory": "512",
            "network_mode": "awsvpc",
            "pid_mode": "",
            "placement_constraints": [],
            "proxy_configuration": [],
            "region": "us-east-1",
            "requires_compatibilities": [
              "FARGATE"
            ],
            "revision": 1,
            "runtime_platform": [],
            "skip_destroy": false,
            "tags": null,
            "tags_all": {
              "Application": "mongodb-aws-ecs",
              "ManagedBy": "terraform"
            },
            "task_role_arn": "",
            "track_latest": false,
            "volume": []
          },
          "sensitive_attributes": [
            [
              {
                "type": "get_attr",
                "value": "container_definitions"
              }
            ]
          ],
          "identity_schema_version": 0,
          "private": "eyJzY2hlbWFfdmVyc2lvbiI6IjEifQ==",
          "dependencies": [
            "aws_cloudwatch_log_group.app",
            "aws_iam_role.task_execution",
            "data.aws_iam_policy_document.ecs_task_assume",
            "data.aws_region.current"
          ]
        }
      ]
    },
    {
      "mode": "managed",
      "type": "aws_iam_role",
      "name": "task_execution",
      "provider": "provider[\"registry.terraform.io/hashicorp/aws\"]",
      "instances": [
        {
          "index_key": 0,
          "schema_version": 0,
          "attributes": {
            "arn": "arn:aws:iam::000000000000:role/mongodb-aws-ecs-task-exec",
            "assume_role_policy": "{\"Statement\":[{\"Action\":\"sts:AssumeRole\",\"Effect\":\"Allow\",\"Principal\":{\"Service\":\"ecs-tasks.amazonaws.com\"}}],\"Version\":\"2012-10-17\"}",
            "create_date": "2026-01-26T23:25:30Z",
            "description": "",
            "force_detach_policies": false,
            "id": "mongodb-aws-ecs-task-exec",
            "inline_policy": [],
            "managed_policy_arns": [],
            "max_session_duration": 3600,
            "name": "mongodb-aws-ecs-task-exec",
            "name_prefix": "",
            "path": "/",
            "permissions_boundary": "",
            "tags": null,
            "tags_all": {
              "Application": "mongodb-aws-ecs",
              "ManagedBy": "terraform"
            },
            "unique_id": "AROAQAAAAAAAJNRMHPJ5O"
          },
          "sensitive_attributes": [],
          "identity_schema_version": 0,
          "identity": {
            "account_id": "000000000000",
            "name": "mongodb-aws-ecs-task-exec"
          },
          "private": "bnVsbA==",
          "dependencies": [
            "data.aws_iam_policy_document.ecs_task_assume"
          ]
        }
      ]
    },
    {
      "mode": "managed",
      "type": "aws_iam_role_policy_attachment",
      "name": "task_execution",
      "provider": "provider[\"registry.terraform.io/hashicorp/aws\"]",
      "instances": [
        {
          "index_key": 0,
          "schema_version": 0,
          "attributes": {
            "id": "mongodb-aws-ecs-task-exec/arn:aws:iam::aws:policy/service-role/AmazonECSTaskExecutionRolePolicy",
            "policy_arn": "arn:aws:iam::aws:policy/service-role/AmazonECSTaskExecutionRolePolicy",
            "role": "mongodb-aws-ecs-task-exec"
          },
          "sensitive_attributes": [],
          "identity_schema_version": 0,
          "identity": {
            "account_id": "000000000000",
            "policy_arn": "arn:aws:iam::aws:policy/service-role/AmazonECSTaskExecutionRolePolicy",
            "role": "mongodb-aws-ecs-task-exec"
          },
          "private": "bnVsbA==",
          "dependencies": [
            "aws_iam_role.task_execution",
            "data.aws_iam_policy_document.ecs_task_assume"
          ]
        }
      ]
    }
  ],
  "check_results": null
}
