{
  "version": 4,
  "terraform_version": "1.13.5",
  "serial": 1,
  "lineage": "fce383b2-71f1-1584-a0b7-4c6dc61dacc8",
  "outputs": {
    "sample_object_key": {
      "value": "imagenes/lp1.jpeg",
      "type": "string"
    }
  },
  "resources": [
    {
      "mode": "managed",
      "type": "random_id",
      "name": "suffix",
      "provider": "provider[\"registry.terraform.io/hashicorp/random\"]",
      "instances": [
        {
          "schema_version": 0,
          "attributes": {
            "b64_std": "Yg2rvQ==",
            "b64_url": "Yg2rvQ",
            "byte_length": 4,
            "dec": "1645063101",
            "hex": "620dabbd",
            "id": "Yg2rvQ",
            "keepers": null,
            "prefix": null
          },
          "sensitive_attributes": [],
          "identity_schema_version": 0
        }
      ]
    }
  ],
  "check_results": null
}
