
Terraform used the selected providers to generate the following execution
plan. Resource actions are indicated with the following symbols:
  + create
 <= read (data resources)

Terraform will perform the following actions:

  # data.aws_iam_policy_document.s3_public_read will be read during apply
  # (config refers to values not yet known)
 <= data "aws_iam_policy_document" "s3_public_read" {
      + id            = (known after apply)
      + json          = (known after apply)
      + minified_json = (known after apply)

      + statement {
          + actions   = [
              + "s3:GetObject",
            ]
          + effect    = "Allow"
          + resources = [
              + (known after apply),
            ]

          + principals {
              + identifiers = [
                  + "*",
                ]
              + type        = "*"
            }
        }
    }

  # aws_s3_bucket.static_assets will be created
  + resource "aws_s3_bucket" "static_assets" {
      + acceleration_status         = (known after apply)
      + acl                         = (known after apply)
      + arn                         = (known after apply)
      + bucket                      = (known after apply)
      + bucket_domain_name          = (known after apply)
      + bucket_prefix               = (known after apply)
      + bucket_region               = (known after apply)
      + bucket_regional_domain_name = (known after apply)
      + force_destroy               = true
      + hosted_zone_id              = (known after apply)
      + id                          = (known after apply)
      + object_lock_enabled         = (known after apply)
      + policy                      = (known after apply)
      + region                      = "us-east-1"
      + request_payer               = (known after apply)
      + tags                        = {
          + "Environment" = "dev"
          + "Name"        = "amazon-clone-static"
        }
      + tags_all                    = {
          + "Environment" = "dev"
          + "Name"        = "amazon-clone-static"
        }
      + website_domain              = (known after apply)
      + website_endpoint            = (known after apply)

      + cors_rule (known after apply)

      + grant (known after apply)

      + lifecycle_rule (known after apply)

      + logging (known after apply)

      + object_lock_configuration (known after apply)

      + replication_configuration (known after apply)

      + server_side_encryption_configuration (known after apply)

      + versioning (known after apply)

      + website (known after apply)
    }

  # aws_s3_bucket_policy.static_assets will be created
  + resource "aws_s3_bucket_policy" "static_assets" {
      + bucket = (known after apply)
      + id     = (known after apply)
      + policy = (known after apply)
      + region = "us-east-1"
    }

  # aws_s3_bucket_public_access_block.static_assets will be created
  + resource "aws_s3_bucket_public_access_block" "static_assets" {
      + block_public_acls       = false
      + block_public_policy     = false
      + bucket                  = (known after apply)
      + id                      = (known after apply)
      + ignore_public_acls      = false
      + region                  = "us-east-1"
      + restrict_public_buckets = false
    }

  # random_id.bucket_suffix will be created
  + resource "random_id" "bucket_suffix" {
      + b64_std     = (known after apply)
      + b64_url     = (known after apply)
      + byte_length = 4
      + dec         = (known after apply)
      + hex         = (known after apply)
      + id          = (known after apply)
    }

Plan: 4 to add, 0 to change, 0 to destroy.

Changes to Outputs:
  + s3_bucket_name = (known after apply)
random_id.bucket_suffix: Creating...
random_id.bucket_suffix: Creation complete after 0s [id=vv4e3g]
aws_s3_bucket.static_assets: Creating...
aws_s3_bucket.static_assets: Still creating... [00m10s elapsed]
aws_s3_bucket.static_assets: Still creating... [00m20s elapsed]
aws_s3_bucket.static_assets: Still creating... [00m30s elapsed]
aws_s3_bucket.static_assets: Still creating... [00m40s elapsed]
aws_s3_bucket.static_assets: Still creating... [00m50s elapsed]
aws_s3_bucket.static_assets: Still creating... [01m00s elapsed]
aws_s3_bucket.static_assets: Still creating... [01m10s elapsed]
aws_s3_bucket.static_assets: Still creating... [01m20s elapsed]
aws_s3_bucket.static_assets: Still creating... [01m30s elapsed]
aws_s3_bucket.static_assets: Still creating... [01m40s elapsed]
aws_s3_bucket.static_assets: Still creating... [01m50s elapsed]
aws_s3_bucket.static_assets: Still creating... [02m00s elapsed]
aws_s3_bucket.static_assets: Still creating... [02m10s elapsed]
aws_s3_bucket.static_assets: Still creating... [02m20s elapsed]
aws_s3_bucket.static_assets: Still creating... [02m30s elapsed]
aws_s3_bucket.static_assets: Still creating... [02m40s elapsed]
aws_s3_bucket.static_assets: Still creating... [02m50s elapsed]
aws_s3_bucket.static_assets: Still creating... [03m00s elapsed]
aws_s3_bucket.static_assets: Still creating... [03m10s elapsed]
aws_s3_bucket.static_assets: Still creating... [03m20s elapsed]
aws_s3_bucket.static_assets: Still creating... [03m30s elapsed]
aws_s3_bucket.static_assets: Still creating... [03m40s elapsed]
