{"format_version":"1.2","terraform_version":"1.13.5","variables":{"app_name":{"value":"amazon-clone"},"aws_region":{"value":"us-east-1"}},"planned_values":{"outputs":{"s3_bucket_name":{"sensitive":false}},"root_module":{"resources":[{"address":"aws_s3_bucket.static_assets","mode":"managed","type":"aws_s3_bucket","name":"static_assets","provider_name":"registry.terraform.io/hashicorp/aws","schema_version":0,"values":{"force_destroy":true,"region":"us-east-1","tags":{"Environment":"dev","Name":"amazon-clone-static"},"tags_all":{"Environment":"dev","Name":"amazon-clone-static"},"timeouts":null},"sensitive_values":{"cors_rule":[],"grant":[],"lifecycle_rule":[],"logging":[],"object_lock_configuration":[],"replication_configuration":[],"server_side_encryption_configuration":[],"tags":{},"tags_all":{},"versioning":[],"website":[]},"identity_schema_version":0,"identity":{"account_id":null,"bucket":null,"region":null}},{"address":"aws_s3_bucket_policy.static_assets","mode":"managed","type":"aws_s3_bucket_policy","name":"static_assets","provider_name":"registry.terraform.io/hashicorp/aws","schema_version":0,"values":{"region":"us-east-1"},"sensitive_values":{},"identity_schema_version":0,"identity":{"account_id":null,"bucket":null,"region":null}},{"address":"aws_s3_bucket_public_access_block.static_assets","mode":"managed","type":"aws_s3_bucket_public_access_block","name":"static_assets","provider_name":"registry.terraform.io/hashicorp/aws","schema_version":0,"values":{"block_public_acls":false,"block_public_policy":false,"ignore_public_acls":false,"region":"us-east-1","restrict_public_buckets":false,"skip_destroy":null},"sensitive_values":{},"identity_schema_version":0,"identity":{"account_id":null,"bucket":null,"region":null}},{"address":"data.aws_iam_policy_document.s3_public_read","mode":"data","type":"aws_iam_policy_document","name":"s3_public_read","provider_name":"registry.terraform.io/hashicorp/aws","schema_version":0,"values":{"override_json":null,"override_policy_documents":null,"policy_id":null,"source_json":null,"source_policy_documents":null,"statement":[{"actions":["s3:GetObject"],"condition":[],"effect":"Allow","not_actions":null,"not_principals":[],"not_resources":null,"principals":[{"identifiers":["*"],"type":"*"}],"resources":[null],"sid":null}],"version":null},"sensitive_values":{"statement":[{"actions":[false],"condition":[],"not_principals":[],"principals":[{"identifiers":[false]}],"resources":[false]}]}},{"address":"random_id.bucket_suffix","mode":"managed","type":"random_id","name":"bucket_suffix","provider_name":"registry.terraform.io/hashicorp/random","schema_version":0,"values":{"byte_length":4,"keepers":null,"prefix":null},"sensitive_values":{}}]}},"resource_changes":[{"address":"data.aws_iam_policy_document.s3_public_read","mode":"data","type":"aws_iam_policy_document","name":"s3_public_read","provider_name":"registry.terraform.io/hashicorp/aws","change":{"actions":["read"],"before":null,"after":{"override_json":null,"override_policy_documents":null,"policy_id":null,"source_json":null,"source_policy_documents":null,"statement":[{"actions":["s3:GetObject"],"condition":[],"effect":"Allow","not_actions":null,"not_principals":[],"not_resources":null,"principals":[{"identifiers":["*"],"type":"*"}],"resources":[null],"sid":null}],"version":null},"after_unknown":{"id":true,"json":true,"minified_json":true,"statement":[{"actions":[false],"condition":[],"not_principals":[],"principals":[{"identifiers":[false]}],"resources":[true]}]},"before_sensitive":false,"after_sensitive":{"statement":[{"actions":[false],"condition":[],"not_principals":[],"principals":[{"identifiers":[false]}],"resources":[false]}]}},"action_reason":"read_because_config_unknown"},{"address":"aws_s3_bucket.static_assets","mode":"managed","type":"aws_s3_bucket","name":"static_assets","provider_name":"registry.terraform.io/hashicorp/aws","change":{"actions":["create"],"before":null,"after":{"force_destroy":true,"region":"us-east-1","tags":{"Environment":"dev","Name":"amazon-clone-static"},"tags_all":{"Environment":"dev","Name":"amazon-clone-static"},"timeouts":null},"after_unknown":{"acceleration_status":true,"acl":true,"arn":true,"bucket":true,"bucket_domain_name":true,"bucket_prefix":true,"bucket_region":true,"bucket_regional_domain_name":true,"cors_rule":true,"grant":true,"hosted_zone_id":true,"id":true,"lifecycle_rule":true,"logging":true,"object_lock_configuration":true,"object_lock_enabled":true,"policy":true,"replication_configuration":true,"request_payer":true,"server_side_encryption_configuration":true,"tags":{},"tags_all":{},"versioning":true,"website":true,"website_domain":true,"website_endpoint":true},"before_sensitive":false,"after_sensitive":{"cors_rule":[],"grant":[],"lifecycle_rule":[],"logging":[],"object_lock_configuration":[],"replication_configuration":[],"server_side_encryption_configuration":[],"tags":{},"tags_all":{},"versioning":[],"website":[]},"after_identity":{"account_id":null,"bucket":null,"region":null}}},{"address":"aws_s3_bucket_policy.static_assets","mode":"managed","type":"aws_s3_bucket_policy","name":"static_assets","provider_name":"registry.terraform.io/hashicorp/aws","change":{"actions":["create"],"before":null,"after":{"region":"us-east-1"},"after_unknown":{"bucket":true,"id":true,"policy":true},"before_sensitive":false,"after_sensitive":{},"after_identity":{"account_id":null,"bucket":null,"region":null}}},{"address":"aws_s3_bucket_public_access_block.static_assets","mode":"managed","type":"aws_s3_bucket_public_access_block","name":"static_assets","provider_name":"registry.terraform.io/hashicorp/aws","change":{"actions":["create"],"before":null,"after":{"block_public_acls":false,"block_public_policy":false,"ignore_public_acls":false,"region":"us-east-1","restrict_public_buckets":false,"skip_destroy":null},"after_unknown":{"bucket":true,"id":true},"before_sensitive":false,"after_sensitive":{},"after_identity":{"account_id":null,"bucket":null,"region":null}}},{"address":"random_id.bucket_suffix","mode":"managed","type":"random_id","name":"bucket_suffix","provider_name":"registry.terraform.io/hashicorp/random","change":{"actions":["create"],"before":null,"after":{"byte_length":4,"keepers":null,"prefix":null},"after_unknown":{"b64_std":true,"b64_url":true,"dec":true,"hex":true,"id":true},"before_sensitive":false,"after_sensitive":{}}}],"output_changes":{"s3_bucket_name":{"actions":["create"],"before":null,"after_unknown":true,"before_sensitive":false,"after_sensitive":false}},"configuration":{"provider_config":{"aws":{"name":"aws","full_name":"registry.terraform.io/hashicorp/aws","version_constraint":"~\u003e 6.28.0","expressions":{"region":{"references":["var.aws_region"]}}},"random":{"name":"random","full_name":"registry.terraform.io/hashicorp/random","version_constraint":"~\u003e 3.8.0"}},"root_module":{"outputs":{"s3_bucket_name":{"expression":{"references":["aws_s3_bucket.static_assets.bucket","aws_s3_bucket.static_assets"]},"description":"Name of the S3 bucket for static assets."}},"resources":[{"address":"aws_s3_bucket.static_assets","mode":"managed","type":"aws_s3_bucket","name":"static_assets","provider_config_key":"aws","expressions":{"bucket":{"references":["var.app_name","random_id.bucket_suffix.hex","random_id.bucket_suffix"]},"force_destroy":{"constant_value":true},"tags":{"references":["var.app_name"]}},"schema_version":0},{"address":"aws_s3_bucket_policy.static_assets","mode":"managed","type":"aws_s3_bucket_policy","name":"static_assets","provider_config_key":"aws","expressions":{"bucket":{"references":["aws_s3_bucket.static_assets.id","aws_s3_bucket.static_assets"]},"policy":{"references":["data.aws_iam_policy_document.s3_public_read.json","data.aws_iam_policy_document.s3_public_read"]}},"schema_version":0},{"address":"aws_s3_bucket_public_access_block.static_assets","mode":"managed","type":"aws_s3_bucket_public_access_block","name":"static_assets","provider_config_key":"aws","expressions":{"block_public_acls":{"constant_value":false},"block_public_policy":{"constant_value":false},"bucket":{"references":["aws_s3_bucket.static_assets.id","aws_s3_bucket.static_assets"]},"ignore_public_acls":{"constant_value":false},"restrict_public_buckets":{"constant_value":false}},"schema_version":0},{"address":"random_id.bucket_suffix","mode":"managed","type":"random_id","name":"bucket_suffix","provider_config_key":"random","expressions":{"byte_length":{"constant_value":4}},"schema_version":0},{"address":"data.aws_iam_policy_document.s3_public_read","mode":"data","type":"aws_iam_policy_document","name":"s3_public_read","provider_config_key":"aws","expressions":{"statement":[{"actions":{"constant_value":["s3:GetObject"]},"effect":{"constant_value":"Allow"},"principals":[{"identifiers":{"constant_value":["*"]},"type":{"constant_value":"*"}}],"resources":{"references":["aws_s3_bucket.static_assets.arn","aws_s3_bucket.static_assets"]}}]},"schema_version":0}],"variables":{"app_name":{"default":"amazon-clone","description":"Name of the application."},"aws_region":{"default":"us-east-1","description":"AWS region to deploy resources in."}}}},"relevant_attributes":[{"resource":"aws_s3_bucket.static_assets","attribute":["bucket"]},{"resource":"data.aws_iam_policy_document.s3_public_read","attribute":["json"]},{"resource":"aws_s3_bucket.static_assets","attribute":["arn"]},{"resource":"aws_s3_bucket.static_assets","attribute":["id"]},{"resource":"random_id.bucket_suffix","attribute":["hex"]}],"timestamp":"2026-01-23T14:02:54Z","applyable":true,"complete":true,"errored":false}
