data.archive_file.lambda_dummy: Reading...
data.archive_file.lambda_dummy: Read complete after 0s [id=58e93fade67637870be5af38eff8d5aa66c7da49]
data.aws_region.current: Reading...
data.aws_caller_identity.current: Reading...
data.aws_region.current: Read complete after 0s [id=us-east-1]
data.aws_caller_identity.current: Read complete after 0s [id=000000000000]

Terraform used the selected providers to generate the following execution
plan. Resource actions are indicated with the following symbols:
  + create

Terraform will perform the following actions:

  # aws_cloudwatch_log_group.lambda will be created
  + resource "aws_cloudwatch_log_group" "lambda" {
      + arn               = (known after apply)
      + id                = (known after apply)
      + log_group_class   = (known after apply)
      + name              = "/aws/lambda/ontw-s3-mover"
      + name_prefix       = (known after apply)
      + retention_in_days = 14
      + skip_destroy      = false
      + tags_all          = {
          + "Env"     = "dev"
          + "Managed" = "terraform"
          + "Project" = "ontwikkelingsbedrywighede"
        }
    }

  # aws_iam_role.lambda_exec will be created
  + resource "aws_iam_role" "lambda_exec" {
      + arn                   = (known after apply)
      + assume_role_policy    = jsonencode(
            {
              + Statement = [
                  + {
                      + Action    = "sts:AssumeRole"
                      + Effect    = "Allow"
                      + Principal = {
                          + Service = "lambda.amazonaws.com"
                        }
                    },
                ]
              + Version   = "2012-10-17"
            }
        )
      + create_date           = (known after apply)
      + force_detach_policies = false
      + id                    = (known after apply)
      + managed_policy_arns   = (known after apply)
      + max_session_duration  = 3600
      + name                  = "ontw-lambda-s3-mover"
      + name_prefix           = (known after apply)
      + path                  = "/"
      + tags_all              = {
          + "Env"     = "dev"
          + "Managed" = "terraform"
          + "Project" = "ontwikkelingsbedrywighede"
        }
      + unique_id             = (known after apply)

      + inline_policy (known after apply)
    }

  # aws_iam_role_policy.lambda_inline will be created
  + resource "aws_iam_role_policy" "lambda_inline" {
      + id          = (known after apply)
      + name        = "ontw-lambda-s3-mover"
      + name_prefix = (known after apply)
      + policy      = (known after apply)
      + role        = (known after apply)
    }

  # aws_lambda_function.mover will be created
  + resource "aws_lambda_function" "mover" {
      + architectures                  = (known after apply)
      + arn                            = (known after apply)
      + code_sha256                    = (known after apply)
      + filename                       = "./.dummy/lambda.zip"
      + function_name                  = "ontw-s3-mover"
      + handler                        = "lambda_function.lambda_handler"
      + id                             = (known after apply)
      + invoke_arn                     = (known after apply)
      + last_modified                  = (known after apply)
      + memory_size                    = 128
      + package_type                   = "Zip"
      + publish                        = false
      + qualified_arn                  = (known after apply)
      + qualified_invoke_arn           = (known after apply)
      + reserved_concurrent_executions = -1
      + role                           = (known after apply)
      + runtime                        = "python3.12"
      + signing_job_arn                = (known after apply)
      + signing_profile_version_arn    = (known after apply)
      + skip_destroy                   = false
      + source_code_hash               = "wmbalFzzY/wG3ivChKElOZB3+B4gptmQyIat05p+fU4="
      + source_code_size               = (known after apply)
      + tags_all                       = {
          + "Env"     = "dev"
          + "Managed" = "terraform"
          + "Project" = "ontwikkelingsbedrywighede"
        }
      + timeout                        = 30
      + version                        = (known after apply)

      + environment {
          + variables = {
              + "BUCKET" = "ontw-000000000000-us-east-1-files"
            }
        }

      + ephemeral_storage (known after apply)

      + logging_config (known after apply)

      + tracing_config (known after apply)
    }

  # aws_lambda_permission.allow_s3 will be created
  + resource "aws_lambda_permission" "allow_s3" {
      + action              = "lambda:InvokeFunction"
      + function_name       = "ontw-s3-mover"
      + id                  = (known after apply)
      + principal           = "s3.amazonaws.com"
      + source_arn          = (known after apply)
      + statement_id        = "AllowExecutionFromS3"
      + statement_id_prefix = (known after apply)
    }

  # aws_s3_bucket.this will be created
  + resource "aws_s3_bucket" "this" {
      + acceleration_status         = (known after apply)
      + acl                         = (known after apply)
      + arn                         = (known after apply)
      + bucket                      = "ontw-000000000000-us-east-1-files"
      + bucket_domain_name          = (known after apply)
      + bucket_prefix               = (known after apply)
      + bucket_regional_domain_name = (known after apply)
      + force_destroy               = false
      + hosted_zone_id              = (known after apply)
      + id                          = (known after apply)
      + object_lock_enabled         = (known after apply)
      + policy                      = (known after apply)
      + region                      = (known after apply)
      + request_payer               = (known after apply)
      + tags_all                    = {
          + "Env"     = "dev"
          + "Managed" = "terraform"
          + "Project" = "ontwikkelingsbedrywighede"
        }
      + website_domain              = (known after apply)
      + website_endpoint            = (known after apply)

      + cors_rule (known after apply)

      + grant (known after apply)

      + lifecycle_rule (known after apply)

      + logging (known after apply)

      + object_lock_configuration (known after apply)

      + replication_configuration (known after apply)

      + server_side_encryption_configuration (known after apply)

      + versioning (known after apply)

      + website (known after apply)
    }

  # aws_s3_bucket_notification.this will be created
  + resource "aws_s3_bucket_notification" "this" {
      + bucket      = (known after apply)
      + eventbridge = false
      + id          = (known after apply)

      + lambda_function {
          + events              = [
              + "s3:ObjectCreated:*",
            ]
          + filter_prefix       = "source/"
          + id                  = (known after apply)
          + lambda_function_arn = (known after apply)
        }
    }

  # aws_s3_bucket_public_access_block.this will be created
  + resource "aws_s3_bucket_public_access_block" "this" {
      + block_public_acls       = true
      + block_public_policy     = true
      + bucket                  = (known after apply)
      + id                      = (known after apply)
      + ignore_public_acls      = true
      + restrict_public_buckets = true
    }

  # aws_s3_bucket_server_side_encryption_configuration.this will be created
  + resource "aws_s3_bucket_server_side_encryption_configuration" "this" {
      + bucket = (known after apply)
      + id     = (known after apply)

      + rule {
          + apply_server_side_encryption_by_default {
              + sse_algorithm     = "AES256"
                # (1 unchanged attribute hidden)
            }
        }
    }

  # aws_s3_bucket_versioning.this will be created
  + resource "aws_s3_bucket_versioning" "this" {
      + bucket = (known after apply)
      + id     = (known after apply)

      + versioning_configuration {
          + mfa_delete = (known after apply)
          + status     = "Enabled"
        }
    }

Plan: 10 to add, 0 to change, 0 to destroy.

Changes to Outputs:
  + lambda_function_name = "ontw-s3-mover"
  + lambda_role_arn      = (known after apply)
  + s3_bucket_name       = "ontw-000000000000-us-east-1-files"
aws_cloudwatch_log_group.lambda: Creating...
aws_iam_role.lambda_exec: Creating...
aws_s3_bucket.this: Creating...
aws_iam_role.lambda_exec: Creation complete after 0s [id=ontw-lambda-s3-mover]
aws_cloudwatch_log_group.lambda: Creation complete after 0s [id=/aws/lambda/ontw-s3-mover]
aws_s3_bucket.this: Still creating... [00m10s elapsed]
aws_s3_bucket.this: Still creating... [00m20s elapsed]
aws_s3_bucket.this: Still creating... [00m30s elapsed]
aws_s3_bucket.this: Still creating... [00m40s elapsed]
aws_s3_bucket.this: Still creating... [00m50s elapsed]
aws_s3_bucket.this: Still creating... [01m00s elapsed]
aws_s3_bucket.this: Still creating... [01m10s elapsed]
aws_s3_bucket.this: Still creating... [01m20s elapsed]
aws_s3_bucket.this: Still creating... [01m30s elapsed]
aws_s3_bucket.this: Still creating... [01m40s elapsed]
aws_s3_bucket.this: Still creating... [01m50s elapsed]
aws_s3_bucket.this: Still creating... [02m00s elapsed]
aws_s3_bucket.this: Still creating... [02m10s elapsed]
aws_s3_bucket.this: Still creating... [02m20s elapsed]
aws_s3_bucket.this: Still creating... [02m30s elapsed]
aws_s3_bucket.this: Still creating... [02m40s elapsed]
aws_s3_bucket.this: Still creating... [02m50s elapsed]
