{"format_version":"1.2","terraform_version":"1.13.5","variables":{"aws_profile":{"value":null},"aws_region":{"value":"us-east-1"},"destination_prefix":{"value":"destination/"},"lambda_log_retention_days":{"value":14},"lambda_memory_mb":{"value":128},"lambda_runtime":{"value":"python3.12"},"lambda_timeout_seconds":{"value":30},"name_prefix":{"value":"ontw"},"s3_bucket_name":{"value":null},"source_prefix":{"value":"source/"},"tags":{"value":{"Env":"dev","Managed":"terraform","Project":"ontwikkelingsbedrywighede"}}},"planned_values":{"outputs":{"lambda_function_name":{"sensitive":false,"type":"string","value":"ontw-s3-mover"},"lambda_role_arn":{"sensitive":false},"s3_bucket_name":{"sensitive":false,"type":"string","value":"ontw-000000000000-us-east-1-files"}},"root_module":{"resources":[{"address":"aws_cloudwatch_log_group.lambda","mode":"managed","type":"aws_cloudwatch_log_group","name":"lambda","provider_name":"registry.terraform.io/hashicorp/aws","schema_version":0,"values":{"kms_key_id":null,"name":"/aws/lambda/ontw-s3-mover","retention_in_days":14,"skip_destroy":false,"tags":null,"tags_all":{"Env":"dev","Managed":"terraform","Project":"ontwikkelingsbedrywighede"}},"sensitive_values":{"tags_all":{}}},{"address":"aws_iam_role.lambda_exec","mode":"managed","type":"aws_iam_role","name":"lambda_exec","provider_name":"registry.terraform.io/hashicorp/aws","schema_version":0,"values":{"assume_role_policy":"{\"Statement\":[{\"Action\":\"sts:AssumeRole\",\"Effect\":\"Allow\",\"Principal\":{\"Service\":\"lambda.amazonaws.com\"}}],\"Version\":\"2012-10-17\"}","description":null,"force_detach_policies":false,"max_session_duration":3600,"name":"ontw-lambda-s3-mover","path":"/","permissions_boundary":null,"tags":null,"tags_all":{"Env":"dev","Managed":"terraform","Project":"ontwikkelingsbedrywighede"}},"sensitive_values":{"inline_policy":[],"managed_policy_arns":[],"tags_all":{}}},{"address":"aws_iam_role_policy.lambda_inline","mode":"managed","type":"aws_iam_role_policy","name":"lambda_inline","provider_name":"registry.terraform.io/hashicorp/aws","schema_version":0,"values":{"name":"ontw-lambda-s3-mover"},"sensitive_values":{}},{"address":"aws_lambda_function.mover","mode":"managed","type":"aws_lambda_function","name":"mover","provider_name":"registry.terraform.io/hashicorp/aws","schema_version":0,"values":{"code_signing_config_arn":null,"dead_letter_config":[],"description":null,"environment":[{"variables":{"BUCKET":"ontw-000000000000-us-east-1-files"}}],"file_system_config":[],"filename":"./.dummy/lambda.zip","function_name":"ontw-s3-mover","handler":"lambda_function.lambda_handler","image_config":[],"image_uri":null,"kms_key_arn":null,"layers":null,"memory_size":128,"package_type":"Zip","publish":false,"replace_security_groups_on_destroy":null,"replacement_security_group_ids":null,"reserved_concurrent_executions":-1,"runtime":"python3.12","s3_bucket":null,"s3_key":null,"s3_object_version":null,"skip_destroy":false,"snap_start":[],"source_code_hash":"wmbalFzzY/wG3ivChKElOZB3+B4gptmQyIat05p+fU4=","tags":null,"tags_all":{"Env":"dev","Managed":"terraform","Project":"ontwikkelingsbedrywighede"},"timeout":30,"timeouts":null,"vpc_config":[]},"sensitive_values":{"architectures":[],"dead_letter_config":[],"environment":[{"variables":{}}],"ephemeral_storage":[],"file_system_config":[],"image_config":[],"logging_config":[],"snap_start":[],"tags_all":{},"tracing_config":[],"vpc_config":[]}},{"address":"aws_lambda_permission.allow_s3","mode":"managed","type":"aws_lambda_permission","name":"allow_s3","provider_name":"registry.terraform.io/hashicorp/aws","schema_version":0,"values":{"action":"lambda:InvokeFunction","event_source_token":null,"function_name":"ontw-s3-mover","function_url_auth_type":null,"principal":"s3.amazonaws.com","principal_org_id":null,"qualifier":null,"source_account":null,"statement_id":"AllowExecutionFromS3"},"sensitive_values":{}},{"address":"aws_s3_bucket.this","mode":"managed","type":"aws_s3_bucket","name":"this","provider_name":"registry.terraform.io/hashicorp/aws","schema_version":0,"values":{"bucket":"ontw-000000000000-us-east-1-files","force_destroy":false,"tags":null,"tags_all":{"Env":"dev","Managed":"terraform","Project":"ontwikkelingsbedrywighede"},"timeouts":null},"sensitive_values":{"cors_rule":[],"grant":[],"lifecycle_rule":[],"logging":[],"object_lock_configuration":[],"replication_configuration":[],"server_side_encryption_configuration":[],"tags_all":{},"versioning":[],"website":[]}},{"address":"aws_s3_bucket_notification.this","mode":"managed","type":"aws_s3_bucket_notification","name":"this","provider_name":"registry.terraform.io/hashicorp/aws","schema_version":0,"values":{"eventbridge":false,"lambda_function":[{"events":["s3:ObjectCreated:*"],"filter_prefix":"source/","filter_suffix":null}],"queue":[],"topic":[]},"sensitive_values":{"lambda_function":[{"events":[false]}],"queue":[],"topic":[]}},{"address":"aws_s3_bucket_public_access_block.this","mode":"managed","type":"aws_s3_bucket_public_access_block","name":"this","provider_name":"registry.terraform.io/hashicorp/aws","schema_version":0,"values":{"block_public_acls":true,"block_public_policy":true,"ignore_public_acls":true,"restrict_public_buckets":true},"sensitive_values":{}},{"address":"aws_s3_bucket_server_side_encryption_configuration.this","mode":"managed","type":"aws_s3_bucket_server_side_encryption_configuration","name":"this","provider_name":"registry.terraform.io/hashicorp/aws","schema_version":0,"values":{"expected_bucket_owner":null,"rule":[{"apply_server_side_encryption_by_default":[{"kms_master_key_id":"","sse_algorithm":"AES256"}],"bucket_key_enabled":null}]},"sensitive_values":{"rule":[{"apply_server_side_encryption_by_default":[{}]}]}},{"address":"aws_s3_bucket_versioning.this","mode":"managed","type":"aws_s3_bucket_versioning","name":"this","provider_name":"registry.terraform.io/hashicorp/aws","schema_version":0,"values":{"expected_bucket_owner":null,"mfa":null,"versioning_configuration":[{"status":"Enabled"}]},"sensitive_values":{"versioning_configuration":[{}]}}]}},"resource_changes":[{"address":"aws_cloudwatch_log_group.lambda","mode":"managed","type":"aws_cloudwatch_log_group","name":"lambda","provider_name":"registry.terraform.io/hashicorp/aws","change":{"actions":["create"],"before":null,"after":{"kms_key_id":null,"name":"/aws/lambda/ontw-s3-mover","retention_in_days":14,"skip_destroy":false,"tags":null,"tags_all":{"Env":"dev","Managed":"terraform","Project":"ontwikkelingsbedrywighede"}},"after_unknown":{"arn":true,"id":true,"log_group_class":true,"name_prefix":true,"tags_all":{}},"before_sensitive":false,"after_sensitive":{"tags_all":{}}}},{"address":"aws_iam_role.lambda_exec","mode":"managed","type":"aws_iam_role","name":"lambda_exec","provider_name":"registry.terraform.io/hashicorp/aws","change":{"actions":["create"],"before":null,"after":{"assume_role_policy":"{\"Statement\":[{\"Action\":\"sts:AssumeRole\",\"Effect\":\"Allow\",\"Principal\":{\"Service\":\"lambda.amazonaws.com\"}}],\"Version\":\"2012-10-17\"}","description":null,"force_detach_policies":false,"max_session_duration":3600,"name":"ontw-lambda-s3-mover","path":"/","permissions_boundary":null,"tags":null,"tags_all":{"Env":"dev","Managed":"terraform","Project":"ontwikkelingsbedrywighede"}},"after_unknown":{"arn":true,"create_date":true,"id":true,"inline_policy":true,"managed_policy_arns":true,"name_prefix":true,"tags_all":{},"unique_id":true},"before_sensitive":false,"after_sensitive":{"inline_policy":[],"managed_policy_arns":[],"tags_all":{}}}},{"address":"aws_iam_role_policy.lambda_inline","mode":"managed","type":"aws_iam_role_policy","name":"lambda_inline","provider_name":"registry.terraform.io/hashicorp/aws","change":{"actions":["create"],"before":null,"after":{"name":"ontw-lambda-s3-mover"},"after_unknown":{"id":true,"name_prefix":true,"policy":true,"role":true},"before_sensitive":false,"after_sensitive":{}}},{"address":"aws_lambda_function.mover","mode":"managed","type":"aws_lambda_function","name":"mover","provider_name":"registry.terraform.io/hashicorp/aws","change":{"actions":["create"],"before":null,"after":{"code_signing_config_arn":null,"dead_letter_config":[],"description":null,"environment":[{"variables":{"BUCKET":"ontw-000000000000-us-east-1-files"}}],"file_system_config":[],"filename":"./.dummy/lambda.zip","function_name":"ontw-s3-mover","handler":"lambda_function.lambda_handler","image_config":[],"image_uri":null,"kms_key_arn":null,"layers":null,"memory_size":128,"package_type":"Zip","publish":false,"replace_security_groups_on_destroy":null,"replacement_security_group_ids":null,"reserved_concurrent_executions":-1,"runtime":"python3.12","s3_bucket":null,"s3_key":null,"s3_object_version":null,"skip_destroy":false,"snap_start":[],"source_code_hash":"wmbalFzzY/wG3ivChKElOZB3+B4gptmQyIat05p+fU4=","tags":null,"tags_all":{"Env":"dev","Managed":"terraform","Project":"ontwikkelingsbedrywighede"},"timeout":30,"timeouts":null,"vpc_config":[]},"after_unknown":{"architectures":true,"arn":true,"code_sha256":true,"dead_letter_config":[],"environment":[{"variables":{}}],"ephemeral_storage":true,"file_system_config":[],"id":true,"image_config":[],"invoke_arn":true,"last_modified":true,"logging_config":true,"qualified_arn":true,"qualified_invoke_arn":true,"role":true,"signing_job_arn":true,"signing_profile_version_arn":true,"snap_start":[],"source_code_size":true,"tags_all":{},"tracing_config":true,"version":true,"vpc_config":[]},"before_sensitive":false,"after_sensitive":{"architectures":[],"dead_letter_config":[],"environment":[{"variables":{}}],"ephemeral_storage":[],"file_system_config":[],"image_config":[],"logging_config":[],"snap_start":[],"tags_all":{},"tracing_config":[],"vpc_config":[]}}},{"address":"aws_lambda_permission.allow_s3","mode":"managed","type":"aws_lambda_permission","name":"allow_s3","provider_name":"registry.terraform.io/hashicorp/aws","change":{"actions":["create"],"before":null,"after":{"action":"lambda:InvokeFunction","event_source_token":null,"function_name":"ontw-s3-mover","function_url_auth_type":null,"principal":"s3.amazonaws.com","principal_org_id":null,"qualifier":null,"source_account":null,"statement_id":"AllowExecutionFromS3"},"after_unknown":{"id":true,"source_arn":true,"statement_id_prefix":true},"before_sensitive":false,"after_sensitive":{}}},{"address":"aws_s3_bucket.this","mode":"managed","type":"aws_s3_bucket","name":"this","provider_name":"registry.terraform.io/hashicorp/aws","change":{"actions":["create"],"before":null,"after":{"bucket":"ontw-000000000000-us-east-1-files","force_destroy":false,"tags":null,"tags_all":{"Env":"dev","Managed":"terraform","Project":"ontwikkelingsbedrywighede"},"timeouts":null},"after_unknown":{"acceleration_status":true,"acl":true,"arn":true,"bucket_domain_name":true,"bucket_prefix":true,"bucket_regional_domain_name":true,"cors_rule":true,"grant":true,"hosted_zone_id":true,"id":true,"lifecycle_rule":true,"logging":true,"object_lock_configuration":true,"object_lock_enabled":true,"policy":true,"region":true,"replication_configuration":true,"request_payer":true,"server_side_encryption_configuration":true,"tags_all":{},"versioning":true,"website":true,"website_domain":true,"website_endpoint":true},"before_sensitive":false,"after_sensitive":{"cors_rule":[],"grant":[],"lifecycle_rule":[],"logging":[],"object_lock_configuration":[],"replication_configuration":[],"server_side_encryption_configuration":[],"tags_all":{},"versioning":[],"website":[]}}},{"address":"aws_s3_bucket_notification.this","mode":"managed","type":"aws_s3_bucket_notification","name":"this","provider_name":"registry.terraform.io/hashicorp/aws","change":{"actions":["create"],"before":null,"after":{"eventbridge":false,"lambda_function":[{"events":["s3:ObjectCreated:*"],"filter_prefix":"source/","filter_suffix":null}],"queue":[],"topic":[]},"after_unknown":{"bucket":true,"id":true,"lambda_function":[{"events":[false],"id":true,"lambda_function_arn":true}],"queue":[],"topic":[]},"before_sensitive":false,"after_sensitive":{"lambda_function":[{"events":[false]}],"queue":[],"topic":[]}}},{"address":"aws_s3_bucket_public_access_block.this","mode":"managed","type":"aws_s3_bucket_public_access_block","name":"this","provider_name":"registry.terraform.io/hashicorp/aws","change":{"actions":["create"],"before":null,"after":{"block_public_acls":true,"block_public_policy":true,"ignore_public_acls":true,"restrict_public_buckets":true},"after_unknown":{"bucket":true,"id":true},"before_sensitive":false,"after_sensitive":{}}},{"address":"aws_s3_bucket_server_side_encryption_configuration.this","mode":"managed","type":"aws_s3_bucket_server_side_encryption_configuration","name":"this","provider_name":"registry.terraform.io/hashicorp/aws","change":{"actions":["create"],"before":null,"after":{"expected_bucket_owner":null,"rule":[{"apply_server_side_encryption_by_default":[{"kms_master_key_id":"","sse_algorithm":"AES256"}],"bucket_key_enabled":null}]},"after_unknown":{"bucket":true,"id":true,"rule":[{"apply_server_side_encryption_by_default":[{}]}]},"before_sensitive":false,"after_sensitive":{"rule":[{"apply_server_side_encryption_by_default":[{}]}]}}},{"address":"aws_s3_bucket_versioning.this","mode":"managed","type":"aws_s3_bucket_versioning","name":"this","provider_name":"registry.terraform.io/hashicorp/aws","change":{"actions":["create"],"before":null,"after":{"expected_bucket_owner":null,"mfa":null,"versioning_configuration":[{"status":"Enabled"}]},"after_unknown":{"bucket":true,"id":true,"versioning_configuration":[{"mfa_delete":true}]},"before_sensitive":false,"after_sensitive":{"versioning_configuration":[{}]}}}],"output_changes":{"lambda_function_name":{"actions":["create"],"before":null,"after":"ontw-s3-mover","after_unknown":false,"before_sensitive":false,"after_sensitive":false},"lambda_role_arn":{"actions":["create"],"before":null,"after_unknown":true,"before_sensitive":false,"after_sensitive":false},"s3_bucket_name":{"actions":["create"],"before":null,"after":"ontw-000000000000-us-east-1-files","after_unknown":false,"before_sensitive":false,"after_sensitive":false}},"prior_state":{"format_version":"1.0","terraform_version":"1.13.5","values":{"outputs":{"lambda_function_name":{"sensitive":false,"value":"ontw-s3-mover","type":"string"},"s3_bucket_name":{"sensitive":false,"value":"ontw-000000000000-us-east-1-files","type":"string"}},"root_module":{"resources":[{"address":"data.archive_file.lambda_dummy","mode":"data","type":"archive_file","name":"lambda_dummy","provider_name":"registry.terraform.io/hashicorp/archive","schema_version":0,"values":{"exclude_symlink_directories":null,"excludes":null,"id":"58e93fade67637870be5af38eff8d5aa66c7da49","output_base64sha256":"wmbalFzzY/wG3ivChKElOZB3+B4gptmQyIat05p+fU4=","output_base64sha512":"BQYAg1LwEY4tDmry1VoRx6StX0vjH+7LpfB5KAZLVvfJQjioPbBv1QxI6QF6P2U614fU3h9XKBCb9z5Y1ornqA==","output_file_mode":null,"output_md5":"a0dbd832a6a977d6d5b28ea5c85e30fb","output_path":"./.dummy/lambda.zip","output_sha":"58e93fade67637870be5af38eff8d5aa66c7da49","output_sha256":"c266da945cf363fc06de2bc284a125399077f81e20a6d990c886add39a7e7d4e","output_sha512":"0506008352f0118e2d0e6af2d55a11c7a4ad5f4be31feecba5f07928064b56f7c94238a83db06fd50c48e9017a3f653ad787d4de1f5728109bf73e58d68ae7a8","output_size":246,"source":[{"content":"exports.handler = async (event) =\u003e {\n  console.log(\"Dummy lambda invoked\");\n  return { statusCode: 200, body: \"dummy\" };\n};\n","filename":"index.js"}],"source_content":null,"source_content_filename":null,"source_dir":null,"source_file":null,"type":"zip"},"sensitive_values":{"source":[{}]}},{"address":"data.aws_caller_identity.current","mode":"data","type":"aws_caller_identity","name":"current","provider_name":"registry.terraform.io/hashicorp/aws","schema_version":0,"values":{"account_id":"000000000000","arn":"arn:aws:iam::000000000000:root","id":"000000000000","user_id":"AKIAIOSFODNN7EXAMPLE"},"sensitive_values":{}},{"address":"data.aws_region.current","mode":"data","type":"aws_region","name":"current","provider_name":"registry.terraform.io/hashicorp/aws","schema_version":0,"values":{"description":"US East (N. Virginia)","endpoint":"ec2.us-east-1.amazonaws.com","id":"us-east-1","name":"us-east-1"},"sensitive_values":{}}]}}},"configuration":{"provider_config":{"archive":{"name":"archive","full_name":"registry.terraform.io/hashicorp/archive"},"aws":{"name":"aws","full_name":"registry.terraform.io/hashicorp/aws","version_constraint":"~\u003e 5.0","expressions":{"default_tags":[{"tags":{"references":["var.tags"]}}],"profile":{"references":["var.aws_profile","var.aws_profile","var.aws_profile"]},"region":{"references":["var.aws_region"]}}}},"root_module":{"outputs":{"lambda_function_name":{"expression":{"references":["aws_lambda_function.mover.function_name","aws_lambda_function.mover"]},"description":"Name of the Lambda function that moves objects from source/ to destination/."},"lambda_role_arn":{"expression":{"references":["aws_iam_role.lambda_exec.arn","aws_iam_role.lambda_exec"]},"description":"IAM role ARN used by the Lambda function."},"s3_bucket_name":{"expression":{"references":["aws_s3_bucket.this.bucket","aws_s3_bucket.this"]},"description":"Name of the S3 bucket used for source/ and destination/ prefixes."}},"resources":[{"address":"aws_cloudwatch_log_group.lambda","mode":"managed","type":"aws_cloudwatch_log_group","name":"lambda","provider_config_key":"aws","expressions":{"name":{"references":["var.name_prefix"]},"retention_in_days":{"references":["var.lambda_log_retention_days"]}},"schema_version":0},{"address":"aws_iam_role.lambda_exec","mode":"managed","type":"aws_iam_role","name":"lambda_exec","provider_config_key":"aws","expressions":{"assume_role_policy":{},"name":{"references":["var.name_prefix"]}},"schema_version":0},{"address":"aws_iam_role_policy.lambda_inline","mode":"managed","type":"aws_iam_role_policy","name":"lambda_inline","provider_config_key":"aws","expressions":{"name":{"references":["var.name_prefix"]},"policy":{"references":["aws_s3_bucket.this.arn","aws_s3_bucket.this","var.source_prefix","aws_s3_bucket.this.arn","aws_s3_bucket.this","var.destination_prefix","aws_s3_bucket.this.arn","aws_s3_bucket.this","var.source_prefix"]},"role":{"references":["aws_iam_role.lambda_exec.id","aws_iam_role.lambda_exec"]}},"schema_version":0},{"address":"aws_lambda_function.mover","mode":"managed","type":"aws_lambda_function","name":"mover","provider_config_key":"aws","expressions":{"environment":[{"variables":{"references":["aws_s3_bucket.this.bucket","aws_s3_bucket.this"]}}],"filename":{"references":["local.lambda_dummy_zip"]},"function_name":{"references":["var.name_prefix"]},"handler":{"constant_value":"lambda_function.lambda_handler"},"memory_size":{"references":["var.lambda_memory_mb"]},"role":{"references":["aws_iam_role.lambda_exec.arn","aws_iam_role.lambda_exec"]},"runtime":{"references":["var.lambda_runtime"]},"source_code_hash":{"references":["data.archive_file.lambda_dummy.output_base64sha256","data.archive_file.lambda_dummy"]},"timeout":{"references":["var.lambda_timeout_seconds"]}},"schema_version":0,"depends_on":["aws_cloudwatch_log_group.lambda"]},{"address":"aws_lambda_permission.allow_s3","mode":"managed","type":"aws_lambda_permission","name":"allow_s3","provider_config_key":"aws","expressions":{"action":{"constant_value":"lambda:InvokeFunction"},"function_name":{"references":["aws_lambda_function.mover.function_name","aws_lambda_function.mover"]},"principal":{"constant_value":"s3.amazonaws.com"},"source_arn":{"references":["aws_s3_bucket.this.arn","aws_s3_bucket.this"]},"statement_id":{"constant_value":"AllowExecutionFromS3"}},"schema_version":0},{"address":"aws_s3_bucket.this","mode":"managed","type":"aws_s3_bucket","name":"this","provider_config_key":"aws","expressions":{"bucket":{"references":["local.bucket_name"]},"force_destroy":{"constant_value":false}},"schema_version":0},{"address":"aws_s3_bucket_notification.this","mode":"managed","type":"aws_s3_bucket_notification","name":"this","provider_config_key":"aws","expressions":{"bucket":{"references":["aws_s3_bucket.this.id","aws_s3_bucket.this"]},"lambda_function":[{"events":{"constant_value":["s3:ObjectCreated:*"]},"filter_prefix":{"references":["var.source_prefix"]},"lambda_function_arn":{"references":["aws_lambda_function.mover.arn","aws_lambda_function.mover"]}}]},"schema_version":0,"depends_on":["aws_lambda_permission.allow_s3"]},{"address":"aws_s3_bucket_public_access_block.this","mode":"managed","type":"aws_s3_bucket_public_access_block","name":"this","provider_config_key":"aws","expressions":{"block_public_acls":{"constant_value":true},"block_public_policy":{"constant_value":true},"bucket":{"references":["aws_s3_bucket.this.id","aws_s3_bucket.this"]},"ignore_public_acls":{"constant_value":true},"restrict_public_buckets":{"constant_value":true}},"schema_version":0},{"address":"aws_s3_bucket_server_side_encryption_configuration.this","mode":"managed","type":"aws_s3_bucket_server_side_encryption_configuration","name":"this","provider_config_key":"aws","expressions":{"bucket":{"references":["aws_s3_bucket.this.id","aws_s3_bucket.this"]},"rule":[{"apply_server_side_encryption_by_default":[{"sse_algorithm":{"constant_value":"AES256"}}]}]},"schema_version":0},{"address":"aws_s3_bucket_versioning.this","mode":"managed","type":"aws_s3_bucket_versioning","name":"this","provider_config_key":"aws","expressions":{"bucket":{"references":["aws_s3_bucket.this.id","aws_s3_bucket.this"]},"versioning_configuration":[{"status":{"constant_value":"Enabled"}}]},"schema_version":0},{"address":"data.archive_file.lambda_dummy","mode":"data","type":"archive_file","name":"lambda_dummy","provider_config_key":"archive","expressions":{"output_path":{"references":["local.lambda_dummy_zip"]},"source":[{"content":{"constant_value":"exports.handler = async (event) =\u003e {\n  console.log(\"Dummy lambda invoked\");\n  return { statusCode: 200, body: \"dummy\" };\n};\n"},"filename":{"constant_value":"index.js"}}],"type":{"constant_value":"zip"}},"schema_version":0},{"address":"data.aws_caller_identity.current","mode":"data","type":"aws_caller_identity","name":"current","provider_config_key":"aws","schema_version":0},{"address":"data.aws_region.current","mode":"data","type":"aws_region","name":"current","provider_config_key":"aws","schema_version":0}],"variables":{"aws_profile":{"default":null,"description":"Optional AWS CLI profile name to use for credentials. Leave null/empty to use environment credentials (recommended for CI/evaluation)."},"aws_region":{"default":"us-east-1","description":"AWS region to deploy into."},"destination_prefix":{"default":"destination/","description":"S3 prefix where objects are copied to."},"lambda_log_retention_days":{"default":14,"description":"CloudWatch log retention for Lambda log group."},"lambda_memory_mb":{"default":128,"description":"Lambda memory size in MB."},"lambda_runtime":{"default":"python3.12","description":"Lambda runtime."},"lambda_timeout_seconds":{"default":30,"description":"Lambda timeout in seconds."},"name_prefix":{"default":"devops","description":"Prefix used for naming AWS resources."},"s3_bucket_name":{"default":null,"description":"Optional explicit S3 bucket name. If null, a unique name will be generated."},"source_prefix":{"default":"source/","description":"S3 prefix that triggers the Lambda."},"tags":{"default":{"Managed":"terraform","Project":"ontwikkelingsbedrywighede"},"description":"Tags applied to all resources via provider default_tags."}}}},"relevant_attributes":[{"resource":"data.archive_file.lambda_dummy","attribute":["output_base64sha256"]},{"resource":"aws_s3_bucket.this","attribute":["id"]},{"resource":"data.aws_caller_identity.current","attribute":["account_id"]},{"resource":"aws_lambda_function.mover","attribute":["arn"]},{"resource":"aws_lambda_function.mover","attribute":["function_name"]},{"resource":"aws_s3_bucket.this","attribute":["bucket"]},{"resource":"data.aws_region.current","attribute":["name"]},{"resource":"aws_iam_role.lambda_exec","attribute":["arn"]},{"resource":"aws_s3_bucket.this","attribute":["arn"]},{"resource":"aws_iam_role.lambda_exec","attribute":["id"]}],"timestamp":"2026-01-27T19:35:49Z","applyable":true,"complete":true,"errored":false}
