data.archive_file.lambda_dummy: Reading...
data.archive_file.lambda_dummy: Read complete after 0s [id=58e93fade67637870be5af38eff8d5aa66c7da49]
data.aws_iam_policy_document.lambda_assume_role: Reading...
data.aws_iam_policy_document.lambda_assume_role: Read complete after 0s [id=2690255455]

Terraform used the selected providers to generate the following execution
plan. Resource actions are indicated with the following symbols:
  + create

Terraform will perform the following actions:

  # aws_cloudwatch_event_rule.etl_schedule will be created
  + resource "aws_cloudwatch_event_rule" "etl_schedule" {
      + arn                 = (known after apply)
      + event_bus_name      = "default"
      + force_destroy       = false
      + id                  = (known after apply)
      + name                = "etl-pipeline-etl-schedule"
      + name_prefix         = (known after apply)
      + region              = "us-east-1"
      + schedule_expression = "rate(1 day)"
      + tags_all            = (known after apply)
    }

  # aws_cloudwatch_event_target.etl_lambda will be created
  + resource "aws_cloudwatch_event_target" "etl_lambda" {
      + arn            = (known after apply)
      + event_bus_name = "default"
      + force_destroy  = false
      + id             = (known after apply)
      + region         = "us-east-1"
      + rule           = "etl-pipeline-etl-schedule"
      + target_id      = "lambda-etl"
    }

  # aws_cloudwatch_log_group.lambda will be created
  + resource "aws_cloudwatch_log_group" "lambda" {
      + arn                         = (known after apply)
      + deletion_protection_enabled = (known after apply)
      + id                          = (known after apply)
      + log_group_class             = (known after apply)
      + name                        = "/aws/lambda/etl-pipeline-etl"
      + name_prefix                 = (known after apply)
      + region                      = "us-east-1"
      + retention_in_days           = 14
      + skip_destroy                = false
      + tags_all                    = (known after apply)
    }

  # aws_iam_policy.lambda_s3 will be created
  + resource "aws_iam_policy" "lambda_s3" {
      + arn              = (known after apply)
      + attachment_count = (known after apply)
      + description      = "Allow Lambda to access S3 bucket"
      + id               = (known after apply)
      + name             = "etl-pipeline-lambda-s3-policy"
      + name_prefix      = (known after apply)
      + path             = "/"
      + policy           = (known after apply)
      + policy_id        = (known after apply)
      + tags_all         = (known after apply)
    }

  # aws_iam_role.lambda will be created
  + resource "aws_iam_role" "lambda" {
      + arn                   = (known after apply)
      + assume_role_policy    = jsonencode(
            {
              + Statement = [
                  + {
                      + Action    = "sts:AssumeRole"
                      + Effect    = "Allow"
                      + Principal = {
                          + Service = "lambda.amazonaws.com"
                        }
                    },
                ]
              + Version   = "2012-10-17"
            }
        )
      + create_date           = (known after apply)
      + force_detach_policies = false
      + id                    = (known after apply)
      + managed_policy_arns   = (known after apply)
      + max_session_duration  = 3600
      + name                  = "etl-pipeline-lambda-role"
      + name_prefix           = (known after apply)
      + path                  = "/"
      + tags_all              = (known after apply)
      + unique_id             = (known after apply)

      + inline_policy (known after apply)
    }

  # aws_iam_role_policy_attachment.lambda_s3 will be created
  + resource "aws_iam_role_policy_attachment" "lambda_s3" {
      + id         = (known after apply)
      + policy_arn = (known after apply)
      + role       = "etl-pipeline-lambda-role"
    }

  # aws_lambda_function.etl will be created
  + resource "aws_lambda_function" "etl" {
      + architectures                  = (known after apply)
      + arn                            = (known after apply)
      + code_sha256                    = (known after apply)
      + filename                       = "lambda_package.zip"
      + function_name                  = "etl-pipeline-etl"
      + handler                        = "main.lambda_handler"
      + id                             = (known after apply)
      + invoke_arn                     = (known after apply)
      + last_modified                  = (known after apply)
      + memory_size                    = 1024
      + package_type                   = "Zip"
      + publish                        = false
      + qualified_arn                  = (known after apply)
      + qualified_invoke_arn           = (known after apply)
      + region                         = "us-east-1"
      + reserved_concurrent_executions = -1
      + role                           = (known after apply)
      + runtime                        = "python3.11"
      + signing_job_arn                = (known after apply)
      + signing_profile_version_arn    = (known after apply)
      + skip_destroy                   = false
      + source_code_hash               = "wmbalFzzY/wG3ivChKElOZB3+B4gptmQyIat05p+fU4="
      + source_code_size               = (known after apply)
      + tags                           = {
          + "Name" = "etl-pipeline-etl-lambda"
        }
      + tags_all                       = {
          + "Name" = "etl-pipeline-etl-lambda"
        }
      + timeout                        = 900
      + version                        = (known after apply)

      + environment {
          + variables = {
              + "S3_BUCKET" = "ai-tf"
            }
        }

      + ephemeral_storage (known after apply)

      + logging_config (known after apply)

      + tracing_config (known after apply)

      + vpc_config {
          + ipv6_allowed_for_dual_stack = false
          + security_group_ids          = (known after apply)
          + subnet_ids                  = (known after apply)
          + vpc_id                      = (known after apply)
        }
    }

  # aws_lambda_permission.allow_cloudwatch will be created
  + resource "aws_lambda_permission" "allow_cloudwatch" {
      + action              = "lambda:InvokeFunction"
      + function_name       = "etl-pipeline-etl"
      + id                  = (known after apply)
      + principal           = "events.amazonaws.com"
      + region              = "us-east-1"
      + source_arn          = (known after apply)
      + statement_id        = "AllowExecutionFromCloudWatch"
      + statement_id_prefix = (known after apply)
    }

  # aws_s3_bucket.etl will be created
  + resource "aws_s3_bucket" "etl" {
      + acceleration_status         = (known after apply)
      + acl                         = (known after apply)
      + arn                         = (known after apply)
      + bucket                      = "ai-tf"
      + bucket_domain_name          = (known after apply)
      + bucket_prefix               = (known after apply)
      + bucket_region               = (known after apply)
      + bucket_regional_domain_name = (known after apply)
      + force_destroy               = true
      + hosted_zone_id              = (known after apply)
      + id                          = (known after apply)
      + object_lock_enabled         = (known after apply)
      + policy                      = (known after apply)
      + region                      = "us-east-1"
      + request_payer               = (known after apply)
      + tags                        = {
          + "Environment" = "dev"
          + "Name"        = "etl-pipeline-s3"
        }
      + tags_all                    = {
          + "Environment" = "dev"
          + "Name"        = "etl-pipeline-s3"
        }
      + website_domain              = (known after apply)
      + website_endpoint            = (known after apply)

      + cors_rule (known after apply)

      + grant (known after apply)

      + lifecycle_rule (known after apply)

      + logging (known after apply)

      + object_lock_configuration (known after apply)

      + replication_configuration (known after apply)

      + server_side_encryption_configuration (known after apply)

      + versioning (known after apply)

      + website (known after apply)
    }

  # aws_s3_bucket_public_access_block.etl will be created
  + resource "aws_s3_bucket_public_access_block" "etl" {
      + block_public_acls       = true
      + block_public_policy     = true
      + bucket                  = (known after apply)
      + id                      = (known after apply)
      + ignore_public_acls      = true
      + region                  = "us-east-1"
      + restrict_public_buckets = true
    }

  # aws_security_group.lambda will be created
  + resource "aws_security_group" "lambda" {
      + arn                    = (known after apply)
      + description            = "Security group for Lambda"
      + egress                 = [
          + {
              + cidr_blocks      = [
                  + "0.0.0.0/0",
                ]
              + from_port        = 0
              + ipv6_cidr_blocks = []
              + prefix_list_ids  = []
              + protocol         = "-1"
              + security_groups  = []
              + self             = false
              + to_port          = 0
                # (1 unchanged attribute hidden)
            },
        ]
      + id                     = (known after apply)
      + ingress                = (known after apply)
      + name                   = "etl-pipeline-lambda-sg"
      + name_prefix            = (known after apply)
      + owner_id               = (known after apply)
      + region                 = "us-east-1"
      + revoke_rules_on_delete = false
      + tags                   = {
          + "Name" = "etl-pipeline-lambda-sg"
        }
      + tags_all               = {
          + "Name" = "etl-pipeline-lambda-sg"
        }
      + vpc_id                 = (known after apply)
    }

  # aws_subnet.private_a will be created
  + resource "aws_subnet" "private_a" {
      + arn                                            = (known after apply)
      + assign_ipv6_address_on_creation                = false
      + availability_zone                              = "us-east-1a"
      + availability_zone_id                           = (known after apply)
      + cidr_block                                     = "10.0.1.0/24"
      + enable_dns64                                   = false
      + enable_resource_name_dns_a_record_on_launch    = false
      + enable_resource_name_dns_aaaa_record_on_launch = false
      + id                                             = (known after apply)
      + ipv6_cidr_block_association_id                 = (known after apply)
      + ipv6_native                                    = false
      + map_public_ip_on_launch                        = false
      + owner_id                                       = (known after apply)
      + private_dns_hostname_type_on_launch            = (known after apply)
      + region                                         = "us-east-1"
      + tags                                           = {
          + "Name" = "etl-pipeline-subnet-a"
        }
      + tags_all                                       = {
          + "Name" = "etl-pipeline-subnet-a"
        }
      + vpc_id                                         = (known after apply)
    }

  # aws_subnet.private_b will be created
  + resource "aws_subnet" "private_b" {
      + arn                                            = (known after apply)
      + assign_ipv6_address_on_creation                = false
      + availability_zone                              = "us-east-1b"
      + availability_zone_id                           = (known after apply)
      + cidr_block                                     = "10.0.2.0/24"
      + enable_dns64                                   = false
      + enable_resource_name_dns_a_record_on_launch    = false
      + enable_resource_name_dns_aaaa_record_on_launch = false
      + id                                             = (known after apply)
      + ipv6_cidr_block_association_id                 = (known after apply)
      + ipv6_native                                    = false
      + map_public_ip_on_launch                        = false
      + owner_id                                       = (known after apply)
      + private_dns_hostname_type_on_launch            = (known after apply)
      + region                                         = "us-east-1"
      + tags                                           = {
          + "Name" = "etl-pipeline-subnet-b"
        }
      + tags_all                                       = {
          + "Name" = "etl-pipeline-subnet-b"
        }
      + vpc_id                                         = (known after apply)
    }

  # aws_vpc.etl will be created
  + resource "aws_vpc" "etl" {
      + arn                                  = (known after apply)
      + cidr_block                           = "10.0.0.0/16"
      + default_network_acl_id               = (known after apply)
      + default_route_table_id               = (known after apply)
      + default_security_group_id            = (known after apply)
      + dhcp_options_id                      = (known after apply)
      + enable_dns_hostnames                 = true
      + enable_dns_support                   = true
      + enable_network_address_usage_metrics = (known after apply)
      + id                                   = (known after apply)
      + instance_tenancy                     = "default"
      + ipv6_association_id                  = (known after apply)
      + ipv6_cidr_block                      = (known after apply)
      + ipv6_cidr_block_network_border_group = (known after apply)
      + main_route_table_id                  = (known after apply)
      + owner_id                             = (known after apply)
      + region                               = "us-east-1"
      + tags                                 = {
          + "Name" = "etl-pipeline-vpc"
        }
      + tags_all                             = {
          + "Name" = "etl-pipeline-vpc"
        }
    }

Plan: 14 to add, 0 to change, 0 to destroy.

Changes to Outputs:
  + cloudwatch_log_group = "/aws/lambda/etl-pipeline-etl"
  + lambda_function_name = "etl-pipeline-etl"
  + lambda_invoke_arn    = (known after apply)
  + s3_bucket_name       = "ai-tf"
