{"format_version":"1.2","terraform_version":"1.13.5","variables":{"aws_region":{"value":"us-east-1"},"lambda_memory_size":{"value":1024},"lambda_timeout":{"value":900},"project_name":{"value":"etl-pipeline"},"s3_bucket_name":{"value":"ai-tf"},"schedule_expression":{"value":"rate(1 day)"}},"planned_values":{"outputs":{"cloudwatch_log_group":{"sensitive":false,"type":"string","value":"/aws/lambda/etl-pipeline-etl"},"lambda_function_name":{"sensitive":false,"type":"string","value":"etl-pipeline-etl"},"lambda_invoke_arn":{"sensitive":false},"s3_bucket_name":{"sensitive":false,"type":"string","value":"ai-tf"}},"root_module":{"resources":[{"address":"aws_cloudwatch_event_rule.etl_schedule","mode":"managed","type":"aws_cloudwatch_event_rule","name":"etl_schedule","provider_name":"registry.terraform.io/hashicorp/aws","schema_version":1,"values":{"description":null,"event_bus_name":"default","event_pattern":null,"force_destroy":false,"is_enabled":null,"name":"etl-pipeline-etl-schedule","region":"us-east-1","role_arn":null,"schedule_expression":"rate(1 day)","state":null,"tags":null},"sensitive_values":{"tags_all":{}},"identity_schema_version":0,"identity":{"account_id":null,"name":null,"region":null}},{"address":"aws_cloudwatch_event_target.etl_lambda","mode":"managed","type":"aws_cloudwatch_event_target","name":"etl_lambda","provider_name":"registry.terraform.io/hashicorp/aws","schema_version":1,"values":{"appsync_target":[],"batch_target":[],"dead_letter_config":[],"ecs_target":[],"event_bus_name":"default","force_destroy":false,"http_target":[],"input":null,"input_path":null,"input_transformer":[],"kinesis_target":[],"redshift_target":[],"region":"us-east-1","retry_policy":[],"role_arn":null,"rule":"etl-pipeline-etl-schedule","run_command_targets":[],"sagemaker_pipeline_target":[],"sqs_target":[],"target_id":"lambda-etl"},"sensitive_values":{"appsync_target":[],"batch_target":[],"dead_letter_config":[],"ecs_target":[],"http_target":[],"input_transformer":[],"kinesis_target":[],"redshift_target":[],"retry_policy":[],"run_command_targets":[],"sagemaker_pipeline_target":[],"sqs_target":[]},"identity_schema_version":0,"identity":{"account_id":null,"event_bus_name":null,"region":null,"rule":null,"target_id":null}},{"address":"aws_cloudwatch_log_group.lambda","mode":"managed","type":"aws_cloudwatch_log_group","name":"lambda","provider_name":"registry.terraform.io/hashicorp/aws","schema_version":0,"values":{"kms_key_id":null,"name":"/aws/lambda/etl-pipeline-etl","region":"us-east-1","retention_in_days":14,"skip_destroy":false,"tags":null},"sensitive_values":{"tags_all":{}},"identity_schema_version":0,"identity":{"account_id":null,"name":null,"region":null}},{"address":"aws_iam_policy.lambda_s3","mode":"managed","type":"aws_iam_policy","name":"lambda_s3","provider_name":"registry.terraform.io/hashicorp/aws","schema_version":0,"values":{"description":"Allow Lambda to access S3 bucket","name":"etl-pipeline-lambda-s3-policy","path":"/","tags":null},"sensitive_values":{"tags_all":{}},"identity_schema_version":0,"identity":{"arn":null}},{"address":"aws_iam_role.lambda","mode":"managed","type":"aws_iam_role","name":"lambda","provider_name":"registry.terraform.io/hashicorp/aws","schema_version":0,"values":{"assume_role_policy":"{\"Statement\":[{\"Action\":\"sts:AssumeRole\",\"Effect\":\"Allow\",\"Principal\":{\"Service\":\"lambda.amazonaws.com\"}}],\"Version\":\"2012-10-17\"}","description":null,"force_detach_policies":false,"max_session_duration":3600,"name":"etl-pipeline-lambda-role","path":"/","permissions_boundary":null,"tags":null},"sensitive_values":{"inline_policy":[],"managed_policy_arns":[],"tags_all":{}},"identity_schema_version":0,"identity":{"account_id":null,"name":null}},{"address":"aws_iam_role_policy_attachment.lambda_s3","mode":"managed","type":"aws_iam_role_policy_attachment","name":"lambda_s3","provider_name":"registry.terraform.io/hashicorp/aws","schema_version":0,"values":{"role":"etl-pipeline-lambda-role"},"sensitive_values":{},"identity_schema_version":0,"identity":{"account_id":null,"policy_arn":null,"role":null}},{"address":"aws_lambda_function.etl","mode":"managed","type":"aws_lambda_function","name":"etl","provider_name":"registry.terraform.io/hashicorp/aws","schema_version":0,"values":{"capacity_provider_config":[],"code_signing_config_arn":null,"dead_letter_config":[],"description":null,"durable_config":[],"environment":[{"variables":{"S3_BUCKET":"ai-tf"}}],"file_system_config":[],"filename":"lambda_package.zip","function_name":"etl-pipeline-etl","handler":"main.lambda_handler","image_config":[],"image_uri":null,"kms_key_arn":null,"layers":null,"memory_size":1024,"package_type":"Zip","publish":false,"publish_to":null,"region":"us-east-1","replace_security_groups_on_destroy":null,"replacement_security_group_ids":null,"reserved_concurrent_executions":-1,"runtime":"python3.11","s3_bucket":null,"s3_key":null,"s3_object_version":null,"skip_destroy":false,"snap_start":[],"source_code_hash":"wmbalFzzY/wG3ivChKElOZB3+B4gptmQyIat05p+fU4=","source_kms_key_arn":null,"tags":{"Name":"etl-pipeline-etl-lambda"},"tags_all":{"Name":"etl-pipeline-etl-lambda"},"tenancy_config":[],"timeout":900,"timeouts":null,"vpc_config":[{"ipv6_allowed_for_dual_stack":false}]},"sensitive_values":{"architectures":[],"capacity_provider_config":[],"dead_letter_config":[],"durable_config":[],"environment":[{"variables":{}}],"ephemeral_storage":[],"file_system_config":[],"image_config":[],"logging_config":[],"snap_start":[],"tags":{},"tags_all":{},"tenancy_config":[],"tracing_config":[],"vpc_config":[{"security_group_ids":[],"subnet_ids":[]}]},"identity_schema_version":0,"identity":{"account_id":null,"function_name":null,"region":null}},{"address":"aws_lambda_permission.allow_cloudwatch","mode":"managed","type":"aws_lambda_permission","name":"allow_cloudwatch","provider_name":"registry.terraform.io/hashicorp/aws","schema_version":0,"values":{"action":"lambda:InvokeFunction","event_source_token":null,"function_name":"etl-pipeline-etl","function_url_auth_type":null,"principal":"events.amazonaws.com","principal_org_id":null,"qualifier":null,"region":"us-east-1","source_account":null,"statement_id":"AllowExecutionFromCloudWatch"},"sensitive_values":{},"identity_schema_version":0,"identity":{"account_id":null,"function_name":null,"qualifier":null,"region":null,"statement_id":null}},{"address":"aws_s3_bucket.etl","mode":"managed","type":"aws_s3_bucket","name":"etl","provider_name":"registry.terraform.io/hashicorp/aws","schema_version":0,"values":{"bucket":"ai-tf","force_destroy":true,"region":"us-east-1","tags":{"Environment":"dev","Name":"etl-pipeline-s3"},"tags_all":{"Environment":"dev","Name":"etl-pipeline-s3"},"timeouts":null},"sensitive_values":{"cors_rule":[],"grant":[],"lifecycle_rule":[],"logging":[],"object_lock_configuration":[],"replication_configuration":[],"server_side_encryption_configuration":[],"tags":{},"tags_all":{},"versioning":[],"website":[]},"identity_schema_version":0,"identity":{"account_id":null,"bucket":null,"region":null}},{"address":"aws_s3_bucket_public_access_block.etl","mode":"managed","type":"aws_s3_bucket_public_access_block","name":"etl","provider_name":"registry.terraform.io/hashicorp/aws","schema_version":0,"values":{"block_public_acls":true,"block_public_policy":true,"ignore_public_acls":true,"region":"us-east-1","restrict_public_buckets":true,"skip_destroy":null},"sensitive_values":{},"identity_schema_version":0,"identity":{"account_id":null,"bucket":null,"region":null}},{"address":"aws_security_group.lambda","mode":"managed","type":"aws_security_group","name":"lambda","provider_name":"registry.terraform.io/hashicorp/aws","schema_version":1,"values":{"description":"Security group for Lambda","egress":[{"cidr_blocks":["0.0.0.0/0"],"description":"","from_port":0,"ipv6_cidr_blocks":[],"prefix_list_ids":[],"protocol":"-1","security_groups":[],"self":false,"to_port":0}],"name":"etl-pipeline-lambda-sg","region":"us-east-1","revoke_rules_on_delete":false,"tags":{"Name":"etl-pipeline-lambda-sg"},"tags_all":{"Name":"etl-pipeline-lambda-sg"},"timeouts":null},"sensitive_values":{"egress":[{"cidr_blocks":[false],"ipv6_cidr_blocks":[],"prefix_list_ids":[],"security_groups":[]}],"ingress":[],"tags":{},"tags_all":{}},"identity_schema_version":0,"identity":{"account_id":null,"id":null,"region":null}},{"address":"aws_subnet.private_a","mode":"managed","type":"aws_subnet","name":"private_a","provider_name":"registry.terraform.io/hashicorp/aws","schema_version":1,"values":{"assign_ipv6_address_on_creation":false,"availability_zone":"us-east-1a","cidr_block":"10.0.1.0/24","customer_owned_ipv4_pool":null,"enable_dns64":false,"enable_lni_at_device_index":null,"enable_resource_name_dns_a_record_on_launch":false,"enable_resource_name_dns_aaaa_record_on_launch":false,"ipv6_cidr_block":null,"ipv6_native":false,"map_customer_owned_ip_on_launch":null,"map_public_ip_on_launch":false,"outpost_arn":null,"region":"us-east-1","tags":{"Name":"etl-pipeline-subnet-a"},"tags_all":{"Name":"etl-pipeline-subnet-a"},"timeouts":null},"sensitive_values":{"tags":{},"tags_all":{}},"identity_schema_version":0,"identity":{"account_id":null,"id":null,"region":null}},{"address":"aws_subnet.private_b","mode":"managed","type":"aws_subnet","name":"private_b","provider_name":"registry.terraform.io/hashicorp/aws","schema_version":1,"values":{"assign_ipv6_address_on_creation":false,"availability_zone":"us-east-1b","cidr_block":"10.0.2.0/24","customer_owned_ipv4_pool":null,"enable_dns64":false,"enable_lni_at_device_index":null,"enable_resource_name_dns_a_record_on_launch":false,"enable_resource_name_dns_aaaa_record_on_launch":false,"ipv6_cidr_block":null,"ipv6_native":false,"map_customer_owned_ip_on_launch":null,"map_public_ip_on_launch":false,"outpost_arn":null,"region":"us-east-1","tags":{"Name":"etl-pipeline-subnet-b"},"tags_all":{"Name":"etl-pipeline-subnet-b"},"timeouts":null},"sensitive_values":{"tags":{},"tags_all":{}},"identity_schema_version":0,"identity":{"account_id":null,"id":null,"region":null}},{"address":"aws_vpc.etl","mode":"managed","type":"aws_vpc","name":"etl","provider_name":"registry.terraform.io/hashicorp/aws","schema_version":1,"values":{"assign_generated_ipv6_cidr_block":null,"cidr_block":"10.0.0.0/16","enable_dns_hostnames":true,"enable_dns_support":true,"instance_tenancy":"default","ipv4_ipam_pool_id":null,"ipv4_netmask_length":null,"ipv6_ipam_pool_id":null,"ipv6_netmask_length":null,"region":"us-east-1","tags":{"Name":"etl-pipeline-vpc"},"tags_all":{"Name":"etl-pipeline-vpc"}},"sensitive_values":{"tags":{},"tags_all":{}},"identity_schema_version":0,"identity":{"account_id":null,"id":null,"region":null}}]}},"resource_changes":[{"address":"aws_cloudwatch_event_rule.etl_schedule","mode":"managed","type":"aws_cloudwatch_event_rule","name":"etl_schedule","provider_name":"registry.terraform.io/hashicorp/aws","change":{"actions":["create"],"before":null,"after":{"description":null,"event_bus_name":"default","event_pattern":null,"force_destroy":false,"is_enabled":null,"name":"etl-pipeline-etl-schedule","region":"us-east-1","role_arn":null,"schedule_expression":"rate(1 day)","state":null,"tags":null},"after_unknown":{"arn":true,"id":true,"name_prefix":true,"tags_all":true},"before_sensitive":false,"after_sensitive":{"tags_all":{}},"after_identity":{"account_id":null,"name":null,"region":null}}},{"address":"aws_cloudwatch_event_target.etl_lambda","mode":"managed","type":"aws_cloudwatch_event_target","name":"etl_lambda","provider_name":"registry.terraform.io/hashicorp/aws","change":{"actions":["create"],"before":null,"after":{"appsync_target":[],"batch_target":[],"dead_letter_config":[],"ecs_target":[],"event_bus_name":"default","force_destroy":false,"http_target":[],"input":null,"input_path":null,"input_transformer":[],"kinesis_target":[],"redshift_target":[],"region":"us-east-1","retry_policy":[],"role_arn":null,"rule":"etl-pipeline-etl-schedule","run_command_targets":[],"sagemaker_pipeline_target":[],"sqs_target":[],"target_id":"lambda-etl"},"after_unknown":{"appsync_target":[],"arn":true,"batch_target":[],"dead_letter_config":[],"ecs_target":[],"http_target":[],"id":true,"input_transformer":[],"kinesis_target":[],"redshift_target":[],"retry_policy":[],"run_command_targets":[],"sagemaker_pipeline_target":[],"sqs_target":[]},"before_sensitive":false,"after_sensitive":{"appsync_target":[],"batch_target":[],"dead_letter_config":[],"ecs_target":[],"http_target":[],"input_transformer":[],"kinesis_target":[],"redshift_target":[],"retry_policy":[],"run_command_targets":[],"sagemaker_pipeline_target":[],"sqs_target":[]},"after_identity":{"account_id":null,"event_bus_name":null,"region":null,"rule":null,"target_id":null}}},{"address":"aws_cloudwatch_log_group.lambda","mode":"managed","type":"aws_cloudwatch_log_group","name":"lambda","provider_name":"registry.terraform.io/hashicorp/aws","change":{"actions":["create"],"before":null,"after":{"kms_key_id":null,"name":"/aws/lambda/etl-pipeline-etl","region":"us-east-1","retention_in_days":14,"skip_destroy":false,"tags":null},"after_unknown":{"arn":true,"deletion_protection_enabled":true,"id":true,"log_group_class":true,"name_prefix":true,"tags_all":true},"before_sensitive":false,"after_sensitive":{"tags_all":{}},"after_identity":{"account_id":null,"name":null,"region":null}}},{"address":"aws_iam_policy.lambda_s3","mode":"managed","type":"aws_iam_policy","name":"lambda_s3","provider_name":"registry.terraform.io/hashicorp/aws","change":{"actions":["create"],"before":null,"after":{"description":"Allow Lambda to access S3 bucket","name":"etl-pipeline-lambda-s3-policy","path":"/","tags":null},"after_unknown":{"arn":true,"attachment_count":true,"id":true,"name_prefix":true,"policy":true,"policy_id":true,"tags_all":true},"before_sensitive":false,"after_sensitive":{"tags_all":{}},"after_identity":{"arn":null}}},{"address":"aws_iam_role.lambda","mode":"managed","type":"aws_iam_role","name":"lambda","provider_name":"registry.terraform.io/hashicorp/aws","change":{"actions":["create"],"before":null,"after":{"assume_role_policy":"{\"Statement\":[{\"Action\":\"sts:AssumeRole\",\"Effect\":\"Allow\",\"Principal\":{\"Service\":\"lambda.amazonaws.com\"}}],\"Version\":\"2012-10-17\"}","description":null,"force_detach_policies":false,"max_session_duration":3600,"name":"etl-pipeline-lambda-role","path":"/","permissions_boundary":null,"tags":null},"after_unknown":{"arn":true,"create_date":true,"id":true,"inline_policy":true,"managed_policy_arns":true,"name_prefix":true,"tags_all":true,"unique_id":true},"before_sensitive":false,"after_sensitive":{"inline_policy":[],"managed_policy_arns":[],"tags_all":{}},"after_identity":{"account_id":null,"name":null}}},{"address":"aws_iam_role_policy_attachment.lambda_s3","mode":"managed","type":"aws_iam_role_policy_attachment","name":"lambda_s3","provider_name":"registry.terraform.io/hashicorp/aws","change":{"actions":["create"],"before":null,"after":{"role":"etl-pipeline-lambda-role"},"after_unknown":{"id":true,"policy_arn":true},"before_sensitive":false,"after_sensitive":{},"after_identity":{"account_id":null,"policy_arn":null,"role":null}}},{"address":"aws_lambda_function.etl","mode":"managed","type":"aws_lambda_function","name":"etl","provider_name":"registry.terraform.io/hashicorp/aws","change":{"actions":["create"],"before":null,"after":{"capacity_provider_config":[],"code_signing_config_arn":null,"dead_letter_config":[],"description":null,"durable_config":[],"environment":[{"variables":{"S3_BUCKET":"ai-tf"}}],"file_system_config":[],"filename":"lambda_package.zip","function_name":"etl-pipeline-etl","handler":"main.lambda_handler","image_config":[],"image_uri":null,"kms_key_arn":null,"layers":null,"memory_size":1024,"package_type":"Zip","publish":false,"publish_to":null,"region":"us-east-1","replace_security_groups_on_destroy":null,"replacement_security_group_ids":null,"reserved_concurrent_executions":-1,"runtime":"python3.11","s3_bucket":null,"s3_key":null,"s3_object_version":null,"skip_destroy":false,"snap_start":[],"source_code_hash":"wmbalFzzY/wG3ivChKElOZB3+B4gptmQyIat05p+fU4=","source_kms_key_arn":null,"tags":{"Name":"etl-pipeline-etl-lambda"},"tags_all":{"Name":"etl-pipeline-etl-lambda"},"tenancy_config":[],"timeout":900,"timeouts":null,"vpc_config":[{"ipv6_allowed_for_dual_stack":false}]},"after_unknown":{"architectures":true,"arn":true,"capacity_provider_config":[],"code_sha256":true,"dead_letter_config":[],"durable_config":[],"environment":[{"variables":{}}],"ephemeral_storage":true,"file_system_config":[],"id":true,"image_config":[],"invoke_arn":true,"last_modified":true,"logging_config":true,"qualified_arn":true,"qualified_invoke_arn":true,"role":true,"signing_job_arn":true,"signing_profile_version_arn":true,"snap_start":[],"source_code_size":true,"tags":{},"tags_all":{},"tenancy_config":[],"tracing_config":true,"version":true,"vpc_config":[{"security_group_ids":true,"subnet_ids":true,"vpc_id":true}]},"before_sensitive":false,"after_sensitive":{"architectures":[],"capacity_provider_config":[],"dead_letter_config":[],"durable_config":[],"environment":[{"variables":{}}],"ephemeral_storage":[],"file_system_config":[],"image_config":[],"logging_config":[],"snap_start":[],"tags":{},"tags_all":{},"tenancy_config":[],"tracing_config":[],"vpc_config":[{"security_group_ids":[],"subnet_ids":[]}]},"after_identity":{"account_id":null,"function_name":null,"region":null}}},{"address":"aws_lambda_permission.allow_cloudwatch","mode":"managed","type":"aws_lambda_permission","name":"allow_cloudwatch","provider_name":"registry.terraform.io/hashicorp/aws","change":{"actions":["create"],"before":null,"after":{"action":"lambda:InvokeFunction","event_source_token":null,"function_name":"etl-pipeline-etl","function_url_auth_type":null,"principal":"events.amazonaws.com","principal_org_id":null,"qualifier":null,"region":"us-east-1","source_account":null,"statement_id":"AllowExecutionFromCloudWatch"},"after_unknown":{"id":true,"source_arn":true,"statement_id_prefix":true},"before_sensitive":false,"after_sensitive":{},"after_identity":{"account_id":null,"function_name":null,"qualifier":null,"region":null,"statement_id":null}}},{"address":"aws_s3_bucket.etl","mode":"managed","type":"aws_s3_bucket","name":"etl","provider_name":"registry.terraform.io/hashicorp/aws","change":{"actions":["create"],"before":null,"after":{"bucket":"ai-tf","force_destroy":true,"region":"us-east-1","tags":{"Environment":"dev","Name":"etl-pipeline-s3"},"tags_all":{"Environment":"dev","Name":"etl-pipeline-s3"},"timeouts":null},"after_unknown":{"acceleration_status":true,"acl":true,"arn":true,"bucket_domain_name":true,"bucket_prefix":true,"bucket_region":true,"bucket_regional_domain_name":true,"cors_rule":true,"grant":true,"hosted_zone_id":true,"id":true,"lifecycle_rule":true,"logging":true,"object_lock_configuration":true,"object_lock_enabled":true,"policy":true,"replication_configuration":true,"request_payer":true,"server_side_encryption_configuration":true,"tags":{},"tags_all":{},"versioning":true,"website":true,"website_domain":true,"website_endpoint":true},"before_sensitive":false,"after_sensitive":{"cors_rule":[],"grant":[],"lifecycle_rule":[],"logging":[],"object_lock_configuration":[],"replication_configuration":[],"server_side_encryption_configuration":[],"tags":{},"tags_all":{},"versioning":[],"website":[]},"after_identity":{"account_id":null,"bucket":null,"region":null}}},{"address":"aws_s3_bucket_public_access_block.etl","mode":"managed","type":"aws_s3_bucket_public_access_block","name":"etl","provider_name":"registry.terraform.io/hashicorp/aws","change":{"actions":["create"],"before":null,"after":{"block_public_acls":true,"block_public_policy":true,"ignore_public_acls":true,"region":"us-east-1","restrict_public_buckets":true,"skip_destroy":null},"after_unknown":{"bucket":true,"id":true},"before_sensitive":false,"after_sensitive":{},"after_identity":{"account_id":null,"bucket":null,"region":null}}},{"address":"aws_security_group.lambda","mode":"managed","type":"aws_security_group","name":"lambda","provider_name":"registry.terraform.io/hashicorp/aws","change":{"actions":["create"],"before":null,"after":{"description":"Security group for Lambda","egress":[{"cidr_blocks":["0.0.0.0/0"],"description":"","from_port":0,"ipv6_cidr_blocks":[],"prefix_list_ids":[],"protocol":"-1","security_groups":[],"self":false,"to_port":0}],"name":"etl-pipeline-lambda-sg","region":"us-east-1","revoke_rules_on_delete":false,"tags":{"Name":"etl-pipeline-lambda-sg"},"tags_all":{"Name":"etl-pipeline-lambda-sg"},"timeouts":null},"after_unknown":{"arn":true,"egress":[{"cidr_blocks":[false],"ipv6_cidr_blocks":[],"prefix_list_ids":[],"security_groups":[]}],"id":true,"ingress":true,"name_prefix":true,"owner_id":true,"tags":{},"tags_all":{},"vpc_id":true},"before_sensitive":false,"after_sensitive":{"egress":[{"cidr_blocks":[false],"ipv6_cidr_blocks":[],"prefix_list_ids":[],"security_groups":[]}],"ingress":[],"tags":{},"tags_all":{}},"after_identity":{"account_id":null,"id":null,"region":null}}},{"address":"aws_subnet.private_a","mode":"managed","type":"aws_subnet","name":"private_a","provider_name":"registry.terraform.io/hashicorp/aws","change":{"actions":["create"],"before":null,"after":{"assign_ipv6_address_on_creation":false,"availability_zone":"us-east-1a","cidr_block":"10.0.1.0/24","customer_owned_ipv4_pool":null,"enable_dns64":false,"enable_lni_at_device_index":null,"enable_resource_name_dns_a_record_on_launch":false,"enable_resource_name_dns_aaaa_record_on_launch":false,"ipv6_cidr_block":null,"ipv6_native":false,"map_customer_owned_ip_on_launch":null,"map_public_ip_on_launch":false,"outpost_arn":null,"region":"us-east-1","tags":{"Name":"etl-pipeline-subnet-a"},"tags_all":{"Name":"etl-pipeline-subnet-a"},"timeouts":null},"after_unknown":{"arn":true,"availability_zone_id":true,"id":true,"ipv6_cidr_block_association_id":true,"owner_id":true,"private_dns_hostname_type_on_launch":true,"tags":{},"tags_all":{},"vpc_id":true},"before_sensitive":false,"after_sensitive":{"tags":{},"tags_all":{}},"after_identity":{"account_id":null,"id":null,"region":null}}},{"address":"aws_subnet.private_b","mode":"managed","type":"aws_subnet","name":"private_b","provider_name":"registry.terraform.io/hashicorp/aws","change":{"actions":["create"],"before":null,"after":{"assign_ipv6_address_on_creation":false,"availability_zone":"us-east-1b","cidr_block":"10.0.2.0/24","customer_owned_ipv4_pool":null,"enable_dns64":false,"enable_lni_at_device_index":null,"enable_resource_name_dns_a_record_on_launch":false,"enable_resource_name_dns_aaaa_record_on_launch":false,"ipv6_cidr_block":null,"ipv6_native":false,"map_customer_owned_ip_on_launch":null,"map_public_ip_on_launch":false,"outpost_arn":null,"region":"us-east-1","tags":{"Name":"etl-pipeline-subnet-b"},"tags_all":{"Name":"etl-pipeline-subnet-b"},"timeouts":null},"after_unknown":{"arn":true,"availability_zone_id":true,"id":true,"ipv6_cidr_block_association_id":true,"owner_id":true,"private_dns_hostname_type_on_launch":true,"tags":{},"tags_all":{},"vpc_id":true},"before_sensitive":false,"after_sensitive":{"tags":{},"tags_all":{}},"after_identity":{"account_id":null,"id":null,"region":null}}},{"address":"aws_vpc.etl","mode":"managed","type":"aws_vpc","name":"etl","provider_name":"registry.terraform.io/hashicorp/aws","change":{"actions":["create"],"before":null,"after":{"assign_generated_ipv6_cidr_block":null,"cidr_block":"10.0.0.0/16","enable_dns_hostnames":true,"enable_dns_support":true,"instance_tenancy":"default","ipv4_ipam_pool_id":null,"ipv4_netmask_length":null,"ipv6_ipam_pool_id":null,"ipv6_netmask_length":null,"region":"us-east-1","tags":{"Name":"etl-pipeline-vpc"},"tags_all":{"Name":"etl-pipeline-vpc"}},"after_unknown":{"arn":true,"default_network_acl_id":true,"default_route_table_id":true,"default_security_group_id":true,"dhcp_options_id":true,"enable_network_address_usage_metrics":true,"id":true,"ipv6_association_id":true,"ipv6_cidr_block":true,"ipv6_cidr_block_network_border_group":true,"main_route_table_id":true,"owner_id":true,"tags":{},"tags_all":{}},"before_sensitive":false,"after_sensitive":{"tags":{},"tags_all":{}},"after_identity":{"account_id":null,"id":null,"region":null}}}],"output_changes":{"cloudwatch_log_group":{"actions":["create"],"before":null,"after":"/aws/lambda/etl-pipeline-etl","after_unknown":false,"before_sensitive":false,"after_sensitive":false},"lambda_function_name":{"actions":["create"],"before":null,"after":"etl-pipeline-etl","after_unknown":false,"before_sensitive":false,"after_sensitive":false},"lambda_invoke_arn":{"actions":["create"],"before":null,"after_unknown":true,"before_sensitive":false,"after_sensitive":false},"s3_bucket_name":{"actions":["create"],"before":null,"after":"ai-tf","after_unknown":false,"before_sensitive":false,"after_sensitive":false}},"prior_state":{"format_version":"1.0","terraform_version":"1.13.5","values":{"outputs":{"cloudwatch_log_group":{"sensitive":false,"value":"/aws/lambda/etl-pipeline-etl","type":"string"},"lambda_function_name":{"sensitive":false,"value":"etl-pipeline-etl","type":"string"},"s3_bucket_name":{"sensitive":false,"value":"ai-tf","type":"string"}},"root_module":{"resources":[{"address":"data.archive_file.lambda_dummy","mode":"data","type":"archive_file","name":"lambda_dummy","provider_name":"registry.terraform.io/hashicorp/archive","schema_version":0,"values":{"exclude_symlink_directories":null,"excludes":null,"id":"58e93fade67637870be5af38eff8d5aa66c7da49","output_base64sha256":"wmbalFzzY/wG3ivChKElOZB3+B4gptmQyIat05p+fU4=","output_base64sha512":"BQYAg1LwEY4tDmry1VoRx6StX0vjH+7LpfB5KAZLVvfJQjioPbBv1QxI6QF6P2U614fU3h9XKBCb9z5Y1ornqA==","output_file_mode":null,"output_md5":"a0dbd832a6a977d6d5b28ea5c85e30fb","output_path":"./.dummy/lambda.zip","output_sha":"58e93fade67637870be5af38eff8d5aa66c7da49","output_sha256":"c266da945cf363fc06de2bc284a125399077f81e20a6d990c886add39a7e7d4e","output_sha512":"0506008352f0118e2d0e6af2d55a11c7a4ad5f4be31feecba5f07928064b56f7c94238a83db06fd50c48e9017a3f653ad787d4de1f5728109bf73e58d68ae7a8","output_size":246,"source":[{"content":"exports.handler = async (event) =\u003e {\n  console.log(\"Dummy lambda invoked\");\n  return { statusCode: 200, body: \"dummy\" };\n};\n","filename":"index.js"}],"source_content":null,"source_content_filename":null,"source_dir":null,"source_file":null,"type":"zip"},"sensitive_values":{"source":[{}]}},{"address":"data.aws_iam_policy_document.lambda_assume_role","mode":"data","type":"aws_iam_policy_document","name":"lambda_assume_role","provider_name":"registry.terraform.io/hashicorp/aws","schema_version":0,"values":{"id":"2690255455","json":"{\n  \"Version\": \"2012-10-17\",\n  \"Statement\": [\n    {\n      \"Effect\": \"Allow\",\n      \"Action\": \"sts:AssumeRole\",\n      \"Principal\": {\n        \"Service\": \"lambda.amazonaws.com\"\n      }\n    }\n  ]\n}","minified_json":"{\"Version\":\"2012-10-17\",\"Statement\":[{\"Effect\":\"Allow\",\"Action\":\"sts:AssumeRole\",\"Principal\":{\"Service\":\"lambda.amazonaws.com\"}}]}","override_json":null,"override_policy_documents":null,"policy_id":null,"source_json":null,"source_policy_documents":null,"statement":[{"actions":["sts:AssumeRole"],"condition":[],"effect":"Allow","not_actions":[],"not_principals":[],"not_resources":[],"principals":[{"identifiers":["lambda.amazonaws.com"],"type":"Service"}],"resources":[],"sid":""}],"version":"2012-10-17"},"sensitive_values":{"statement":[{"actions":[false],"condition":[],"not_actions":[],"not_principals":[],"not_resources":[],"principals":[{"identifiers":[false]}],"resources":[]}]}}]}}},"configuration":{"provider_config":{"archive":{"name":"archive","full_name":"registry.terraform.io/hashicorp/archive"},"aws":{"name":"aws","full_name":"registry.terraform.io/hashicorp/aws","version_constraint":"\u003e= 4.0.0","expressions":{"region":{"references":["var.aws_region"]}}}},"root_module":{"outputs":{"cloudwatch_log_group":{"expression":{"references":["aws_cloudwatch_log_group.lambda.name","aws_cloudwatch_log_group.lambda"]}},"lambda_function_name":{"expression":{"references":["aws_lambda_function.etl.function_name","aws_lambda_function.etl"]}},"lambda_invoke_arn":{"expression":{"references":["aws_lambda_function.etl.invoke_arn","aws_lambda_function.etl"]}},"s3_bucket_name":{"expression":{"references":["aws_s3_bucket.etl.bucket","aws_s3_bucket.etl"]}}},"resources":[{"address":"aws_cloudwatch_event_rule.etl_schedule","mode":"managed","type":"aws_cloudwatch_event_rule","name":"etl_schedule","provider_config_key":"aws","expressions":{"name":{"references":["var.project_name"]},"schedule_expression":{"references":["var.schedule_expression"]}},"schema_version":1},{"address":"aws_cloudwatch_event_target.etl_lambda","mode":"managed","type":"aws_cloudwatch_event_target","name":"etl_lambda","provider_config_key":"aws","expressions":{"arn":{"references":["aws_lambda_function.etl.arn","aws_lambda_function.etl"]},"rule":{"references":["aws_cloudwatch_event_rule.etl_schedule.name","aws_cloudwatch_event_rule.etl_schedule"]},"target_id":{"constant_value":"lambda-etl"}},"schema_version":1},{"address":"aws_cloudwatch_log_group.lambda","mode":"managed","type":"aws_cloudwatch_log_group","name":"lambda","provider_config_key":"aws","expressions":{"name":{"references":["aws_lambda_function.etl.function_name","aws_lambda_function.etl"]},"retention_in_days":{"constant_value":14}},"schema_version":0},{"address":"aws_iam_policy.lambda_s3","mode":"managed","type":"aws_iam_policy","name":"lambda_s3","provider_config_key":"aws","expressions":{"description":{"constant_value":"Allow Lambda to access S3 bucket"},"name":{"references":["var.project_name"]},"policy":{"references":["aws_s3_bucket.etl.arn","aws_s3_bucket.etl","aws_s3_bucket.etl.arn","aws_s3_bucket.etl"]}},"schema_version":0},{"address":"aws_iam_role.lambda","mode":"managed","type":"aws_iam_role","name":"lambda","provider_config_key":"aws","expressions":{"assume_role_policy":{"references":["data.aws_iam_policy_document.lambda_assume_role.json","data.aws_iam_policy_document.lambda_assume_role"]},"name":{"references":["var.project_name"]}},"schema_version":0},{"address":"aws_iam_role_policy_attachment.lambda_s3","mode":"managed","type":"aws_iam_role_policy_attachment","name":"lambda_s3","provider_config_key":"aws","expressions":{"policy_arn":{"references":["aws_iam_policy.lambda_s3.arn","aws_iam_policy.lambda_s3"]},"role":{"references":["aws_iam_role.lambda.name","aws_iam_role.lambda"]}},"schema_version":0},{"address":"aws_lambda_function.etl","mode":"managed","type":"aws_lambda_function","name":"etl","provider_config_key":"aws","expressions":{"environment":[{"variables":{"references":["aws_s3_bucket.etl.bucket","aws_s3_bucket.etl"]}}],"filename":{"constant_value":"lambda_package.zip"},"function_name":{"references":["var.project_name"]},"handler":{"constant_value":"main.lambda_handler"},"memory_size":{"references":["var.lambda_memory_size"]},"role":{"references":["aws_iam_role.lambda.arn","aws_iam_role.lambda"]},"runtime":{"constant_value":"python3.11"},"source_code_hash":{"references":["data.archive_file.lambda_dummy.output_base64sha256","data.archive_file.lambda_dummy"]},"tags":{"references":["var.project_name"]},"timeout":{"references":["var.lambda_timeout"]},"vpc_config":[{"security_group_ids":{"references":["aws_security_group.lambda.id","aws_security_group.lambda"]},"subnet_ids":{"references":["aws_subnet.private_a.id","aws_subnet.private_a","aws_subnet.private_b.id","aws_subnet.private_b"]}}]},"schema_version":0},{"address":"aws_lambda_permission.allow_cloudwatch","mode":"managed","type":"aws_lambda_permission","name":"allow_cloudwatch","provider_config_key":"aws","expressions":{"action":{"constant_value":"lambda:InvokeFunction"},"function_name":{"references":["aws_lambda_function.etl.function_name","aws_lambda_function.etl"]},"principal":{"constant_value":"events.amazonaws.com"},"source_arn":{"references":["aws_cloudwatch_event_rule.etl_schedule.arn","aws_cloudwatch_event_rule.etl_schedule"]},"statement_id":{"constant_value":"AllowExecutionFromCloudWatch"}},"schema_version":0},{"address":"aws_s3_bucket.etl","mode":"managed","type":"aws_s3_bucket","name":"etl","provider_config_key":"aws","expressions":{"bucket":{"references":["var.s3_bucket_name"]},"force_destroy":{"constant_value":true},"tags":{"references":["var.project_name"]}},"schema_version":0},{"address":"aws_s3_bucket_public_access_block.etl","mode":"managed","type":"aws_s3_bucket_public_access_block","name":"etl","provider_config_key":"aws","expressions":{"block_public_acls":{"constant_value":true},"block_public_policy":{"constant_value":true},"bucket":{"references":["aws_s3_bucket.etl.id","aws_s3_bucket.etl"]},"ignore_public_acls":{"constant_value":true},"restrict_public_buckets":{"constant_value":true}},"schema_version":0},{"address":"aws_security_group.lambda","mode":"managed","type":"aws_security_group","name":"lambda","provider_config_key":"aws","expressions":{"description":{"constant_value":"Security group for Lambda"},"egress":{"constant_value":[{"cidr_blocks":["0.0.0.0/0"],"description":null,"from_port":0,"ipv6_cidr_blocks":null,"prefix_list_ids":null,"protocol":"-1","security_groups":null,"self":null,"to_port":0}]},"name":{"references":["var.project_name"]},"tags":{"references":["var.project_name"]},"vpc_id":{"references":["aws_vpc.etl.id","aws_vpc.etl"]}},"schema_version":1},{"address":"aws_subnet.private_a","mode":"managed","type":"aws_subnet","name":"private_a","provider_config_key":"aws","expressions":{"availability_zone":{"references":["var.aws_region"]},"cidr_block":{"constant_value":"10.0.1.0/24"},"tags":{"references":["var.project_name"]},"vpc_id":{"references":["aws_vpc.etl.id","aws_vpc.etl"]}},"schema_version":1},{"address":"aws_subnet.private_b","mode":"managed","type":"aws_subnet","name":"private_b","provider_config_key":"aws","expressions":{"availability_zone":{"references":["var.aws_region"]},"cidr_block":{"constant_value":"10.0.2.0/24"},"tags":{"references":["var.project_name"]},"vpc_id":{"references":["aws_vpc.etl.id","aws_vpc.etl"]}},"schema_version":1},{"address":"aws_vpc.etl","mode":"managed","type":"aws_vpc","name":"etl","provider_config_key":"aws","expressions":{"cidr_block":{"constant_value":"10.0.0.0/16"},"enable_dns_hostnames":{"constant_value":true},"enable_dns_support":{"constant_value":true},"tags":{"references":["var.project_name"]}},"schema_version":1},{"address":"data.archive_file.lambda_dummy","mode":"data","type":"archive_file","name":"lambda_dummy","provider_config_key":"archive","expressions":{"output_path":{"references":["local.lambda_dummy_zip"]},"source":[{"content":{"constant_value":"exports.handler = async (event) =\u003e {\n  console.log(\"Dummy lambda invoked\");\n  return { statusCode: 200, body: \"dummy\" };\n};\n"},"filename":{"constant_value":"index.js"}}],"type":{"constant_value":"zip"}},"schema_version":0},{"address":"data.aws_iam_policy_document.lambda_assume_role","mode":"data","type":"aws_iam_policy_document","name":"lambda_assume_role","provider_config_key":"aws","expressions":{"statement":[{"actions":{"constant_value":["sts:AssumeRole"]},"principals":[{"identifiers":{"constant_value":["lambda.amazonaws.com"]},"type":{"constant_value":"Service"}}]}]},"schema_version":0}],"variables":{"aws_region":{"default":"us-east-1","description":"AWS region to deploy resources in."},"lambda_memory_size":{"default":1024,"description":"Memory size (in MB) for the Lambda function."},"lambda_timeout":{"default":900,"description":"Timeout (in seconds) for the Lambda function."},"project_name":{"default":"etl-pipeline","description":"Name prefix for all resources."},"s3_bucket_name":{"description":"Name of the S3 bucket for ETL data."},"schedule_expression":{"default":"rate(1 day)","description":"Schedule expression for ETL Lambda (e.g., cron or rate)."}}}},"relevant_attributes":[{"resource":"data.archive_file.lambda_dummy","attribute":["output_base64sha256"]},{"resource":"aws_iam_role.lambda","attribute":["name"]},{"resource":"aws_vpc.etl","attribute":["id"]},{"resource":"aws_cloudwatch_log_group.lambda","attribute":["name"]},{"resource":"aws_s3_bucket.etl","attribute":["bucket"]},{"resource":"aws_s3_bucket.etl","attribute":["arn"]},{"resource":"aws_lambda_function.etl","attribute":["function_name"]},{"resource":"aws_security_group.lambda","attribute":["id"]},{"resource":"aws_lambda_function.etl","attribute":["invoke_arn"]},{"resource":"data.aws_iam_policy_document.lambda_assume_role","attribute":["json"]},{"resource":"aws_cloudwatch_event_rule.etl_schedule","attribute":["arn"]},{"resource":"aws_subnet.private_b","attribute":["id"]},{"resource":"aws_iam_policy.lambda_s3","attribute":["arn"]},{"resource":"aws_s3_bucket.etl","attribute":["id"]},{"resource":"aws_iam_role.lambda","attribute":["arn"]},{"resource":"aws_cloudwatch_event_rule.etl_schedule","attribute":["name"]},{"resource":"aws_lambda_function.etl","attribute":["arn"]},{"resource":"aws_subnet.private_a","attribute":["id"]}],"timestamp":"2025-12-22T17:32:16Z","applyable":true,"complete":true,"errored":false}
