
Terraform used the selected providers to generate the following execution
plan. Resource actions are indicated with the following symbols:
  + create

Terraform will perform the following actions:

  # aws_iam_group.this will be created
  + resource "aws_iam_group" "this" {
      + arn       = (known after apply)
      + id        = (known after apply)
      + name      = "s3-bucket-s3-group-s3-bucket"
      + path      = "/"
      + unique_id = (known after apply)
    }

  # aws_iam_group_policy_attachment.this will be created
  + resource "aws_iam_group_policy_attachment" "this" {
      + group      = "s3-bucket-s3-group-s3-bucket"
      + id         = (known after apply)
      + policy_arn = (known after apply)
    }

  # aws_iam_policy.this will be created
  + resource "aws_iam_policy" "this" {
      + arn              = (known after apply)
      + attachment_count = (known after apply)
      + id               = (known after apply)
      + name             = "s3-bucket-policy-s3-bucket"
      + name_prefix      = (known after apply)
      + path             = "/"
      + policy           = (known after apply)
      + policy_id        = (known after apply)
      + tags_all         = (known after apply)
    }

  # aws_iam_role.this will be created
  + resource "aws_iam_role" "this" {
      + arn                   = (known after apply)
      + assume_role_policy    = jsonencode(
            {
              + Statement = [
                  + {
                      + Action    = "sts:AssumeRole"
                      + Effect    = "Allow"
                      + Principal = {
                          + Service = "s3.amazonaws.com"
                        }
                    },
                ]
              + Version   = "2012-10-17"
            }
        )
      + create_date           = (known after apply)
      + force_detach_policies = false
      + id                    = (known after apply)
      + managed_policy_arns   = (known after apply)
      + max_session_duration  = 3600
      + name                  = "s3-bucket-s3-role-s3-bucket"
      + name_prefix           = (known after apply)
      + path                  = "/"
      + tags_all              = (known after apply)
      + unique_id             = (known after apply)

      + inline_policy (known after apply)
    }

  # aws_iam_role_policy.this will be created
  + resource "aws_iam_role_policy" "this" {
      + id          = (known after apply)
      + name        = "s3-bucket-s3-role-policy-s3-bucket"
      + name_prefix = (known after apply)
      + policy      = (known after apply)
      + role        = (known after apply)
    }

  # aws_iam_user.this will be created
  + resource "aws_iam_user" "this" {
      + arn           = (known after apply)
      + force_destroy = false
      + id            = (known after apply)
      + name          = "s3-bucket-s3-user-s3-bucket"
      + path          = "/"
      + tags_all      = (known after apply)
      + unique_id     = (known after apply)
    }

  # aws_iam_user_group_membership.this will be created
  + resource "aws_iam_user_group_membership" "this" {
      + groups = [
          + "s3-bucket-s3-group-s3-bucket",
        ]
      + id     = (known after apply)
      + user   = "s3-bucket-s3-user-s3-bucket"
    }

  # aws_s3_bucket.this will be created
  + resource "aws_s3_bucket" "this" {
      + acceleration_status         = (known after apply)
      + acl                         = (known after apply)
      + arn                         = (known after apply)
      + bucket                      = "s3-bucket-s3-bucket-s3-bucket"
      + bucket_domain_name          = (known after apply)
      + bucket_prefix               = (known after apply)
      + bucket_region               = (known after apply)
      + bucket_regional_domain_name = (known after apply)
      + force_destroy               = false
      + hosted_zone_id              = (known after apply)
      + id                          = (known after apply)
      + object_lock_enabled         = (known after apply)
      + policy                      = (known after apply)
      + region                      = "us-east-1"
      + request_payer               = (known after apply)
      + tags_all                    = (known after apply)
      + website_domain              = (known after apply)
      + website_endpoint            = (known after apply)

      + cors_rule (known after apply)

      + grant (known after apply)

      + lifecycle_rule (known after apply)

      + logging (known after apply)

      + object_lock_configuration (known after apply)

      + replication_configuration (known after apply)

      + server_side_encryption_configuration (known after apply)

      + versioning (known after apply)

      + website (known after apply)
    }

  # aws_s3_bucket_lifecycle_configuration.this will be created
  + resource "aws_s3_bucket_lifecycle_configuration" "this" {
      + bucket                                 = (known after apply)
      + expected_bucket_owner                  = (known after apply)
      + id                                     = (known after apply)
      + region                                 = "us-east-1"
      + transition_default_minimum_object_size = "all_storage_classes_128K"

      + rule {
          + id     = "s3-bucket-delete-bucket-objects-after-7-days-s3-bucket"
          + status = "Enabled"
            # (1 unchanged attribute hidden)

          + expiration {
              + days                         = 7
              + expired_object_delete_marker = false
            }
        }
    }

Plan: 9 to add, 0 to change, 0 to destroy.

Changes to Outputs:
  + iam_group_name = "s3-bucket-s3-group-s3-bucket"
  + iam_role_name  = "s3-bucket-s3-role-s3-bucket"
  + iam_user_name  = "s3-bucket-s3-user-s3-bucket"
  + s3_bucket_arn  = (known after apply)
  + s3_bucket_id   = (known after apply)
aws_iam_group.this: Creating...
aws_iam_user.this: Creating...
aws_iam_role.this: Creating...
aws_s3_bucket.this: Creating...
aws_iam_user.this: Creation complete after 1s [id=s3-bucket-s3-user-s3-bucket]
aws_iam_group.this: Creation complete after 1s [id=s3-bucket-s3-group-s3-bucket]
aws_iam_user_group_membership.this: Creating...
aws_iam_role.this: Creation complete after 1s [id=s3-bucket-s3-role-s3-bucket]
aws_iam_user_group_membership.this: Creation complete after 0s [id=terraform-20260127192607865700000001]
