data.aws_vpc.default: Reading...
data.aws_vpc.default: Read complete after 0s [id=vpc-ca252f759eed2e442]
data.aws_subnets.default: Reading...
data.aws_subnets.default: Read complete after 0s [id=us-east-1]

Terraform used the selected providers to generate the following execution
plan. Resource actions are indicated with the following symbols:
  + create

Terraform will perform the following actions:

  # aws_db_instance.postgres will be created
  + resource "aws_db_instance" "postgres" {
      + address                               = (known after apply)
      + allocated_storage                     = 20
      + apply_immediately                     = true
      + arn                                   = (known after apply)
      + auto_minor_version_upgrade            = true
      + availability_zone                     = (known after apply)
      + backup_retention_period               = (known after apply)
      + backup_target                         = (known after apply)
      + backup_window                         = (known after apply)
      + ca_cert_identifier                    = (known after apply)
      + character_set_name                    = (known after apply)
      + copy_tags_to_snapshot                 = false
      + database_insights_mode                = (known after apply)
      + db_name                               = "infrafy"
      + db_subnet_group_name                  = "infrafy-db-subnets"
      + dedicated_log_volume                  = false
      + delete_automated_backups              = true
      + deletion_protection                   = false
      + domain_fqdn                           = (known after apply)
      + endpoint                              = (known after apply)
      + engine                                = "postgres"
      + engine_lifecycle_support              = (known after apply)
      + engine_version                        = "16.2"
      + engine_version_actual                 = (known after apply)
      + hosted_zone_id                        = (known after apply)
      + id                                    = (known after apply)
      + identifier                            = (known after apply)
      + identifier_prefix                     = "infrafy-pg-"
      + instance_class                        = "db.t3.micro"
      + iops                                  = (known after apply)
      + kms_key_id                            = (known after apply)
      + latest_restorable_time                = (known after apply)
      + license_model                         = (known after apply)
      + listener_endpoint                     = (known after apply)
      + maintenance_window                    = (known after apply)
      + master_user_secret                    = (known after apply)
      + master_user_secret_kms_key_id         = (known after apply)
      + monitoring_interval                   = 0
      + monitoring_role_arn                   = (known after apply)
      + multi_az                              = (known after apply)
      + nchar_character_set_name              = (known after apply)
      + network_type                          = (known after apply)
      + option_group_name                     = (known after apply)
      + parameter_group_name                  = (known after apply)
      + password                              = (sensitive value)
      + password_wo                           = (write-only attribute)
      + performance_insights_enabled          = false
      + performance_insights_kms_key_id       = (known after apply)
      + performance_insights_retention_period = (known after apply)
      + port                                  = (known after apply)
      + publicly_accessible                   = true
      + replica_mode                          = (known after apply)
      + replicas                              = (known after apply)
      + resource_id                           = (known after apply)
      + skip_final_snapshot                   = true
      + snapshot_identifier                   = (known after apply)
      + status                                = (known after apply)
      + storage_throughput                    = (known after apply)
      + storage_type                          = (known after apply)
      + tags                                  = {
          + "Name" = "infrafy-postgres"
        }
      + tags_all                              = {
          + "Application" = "infrafy"
          + "ManagedBy"   = "terraform"
          + "Name"        = "infrafy-postgres"
        }
      + timezone                              = (known after apply)
      + username                              = "kiwi"
      + vpc_security_group_ids                = (known after apply)
    }

  # aws_db_subnet_group.this will be created
  + resource "aws_db_subnet_group" "this" {
      + arn                     = (known after apply)
      + description             = "Managed by Terraform"
      + id                      = (known after apply)
      + name                    = "infrafy-db-subnets"
      + name_prefix             = (known after apply)
      + subnet_ids              = [
          + "subnet-2db5aa2f0e93e3cdb",
          + "subnet-7033fce3794a33d9d",
          + "subnet-9ba199b9ac838b44d",
          + "subnet-a011d6ed46434238d",
          + "subnet-bfa06a7a4095d82fd",
          + "subnet-fa8c0ca7d81a2938d",
        ]
      + supported_network_types = (known after apply)
      + tags                    = {
          + "Name" = "infrafy-db-subnets"
        }
      + tags_all                = {
          + "Application" = "infrafy"
          + "ManagedBy"   = "terraform"
          + "Name"        = "infrafy-db-subnets"
        }
      + vpc_id                  = (known after apply)
    }

  # aws_s3_bucket.artifacts will be created
  + resource "aws_s3_bucket" "artifacts" {
      + acceleration_status         = (known after apply)
      + acl                         = (known after apply)
      + arn                         = (known after apply)
      + bucket                      = (known after apply)
      + bucket_domain_name          = (known after apply)
      + bucket_prefix               = "infrafy-artifacts-"
      + bucket_regional_domain_name = (known after apply)
      + force_destroy               = false
      + hosted_zone_id              = (known after apply)
      + id                          = (known after apply)
      + object_lock_enabled         = (known after apply)
      + policy                      = (known after apply)
      + region                      = (known after apply)
      + request_payer               = (known after apply)
      + tags                        = {
          + "Name" = "infrafy-artifacts"
        }
      + tags_all                    = {
          + "Application" = "infrafy"
          + "ManagedBy"   = "terraform"
          + "Name"        = "infrafy-artifacts"
        }
      + website_domain              = (known after apply)
      + website_endpoint            = (known after apply)

      + cors_rule (known after apply)

      + grant (known after apply)

      + lifecycle_rule (known after apply)

      + logging (known after apply)

      + object_lock_configuration (known after apply)

      + replication_configuration (known after apply)

      + server_side_encryption_configuration (known after apply)

      + versioning (known after apply)

      + website (known after apply)
    }

  # aws_security_group.postgres will be created
  + resource "aws_security_group" "postgres" {
      + arn                    = (known after apply)
      + description            = "Allow inbound Postgres"
      + egress                 = [
          + {
              + cidr_blocks      = [
                  + "0.0.0.0/0",
                ]
              + from_port        = 0
              + ipv6_cidr_blocks = []
              + prefix_list_ids  = []
              + protocol         = "-1"
              + security_groups  = []
              + self             = false
              + to_port          = 0
                # (1 unchanged attribute hidden)
            },
        ]
      + id                     = (known after apply)
      + ingress                = [
          + {
              + cidr_blocks      = [
                  + "0.0.0.0/0",
                ]
              + description      = "Postgres"
              + from_port        = 5432
              + ipv6_cidr_blocks = []
              + prefix_list_ids  = []
              + protocol         = "tcp"
              + security_groups  = []
              + self             = false
              + to_port          = 5432
            },
        ]
      + name                   = (known after apply)
      + name_prefix            = "infrafy-postgres-"
      + owner_id               = (known after apply)
      + revoke_rules_on_delete = false
      + tags_all               = {
          + "Application" = "infrafy"
          + "ManagedBy"   = "terraform"
        }
      + vpc_id                 = "vpc-ca252f759eed2e442"
    }

Plan: 4 to add, 0 to change, 0 to destroy.

Changes to Outputs:
  + artifacts_bucket_name = (known after apply)
  + database_url          = (sensitive value)
  + db_endpoint           = (known after apply)
  + db_port               = (known after apply)
aws_db_subnet_group.this: Creating...
aws_security_group.postgres: Creating...
aws_s3_bucket.artifacts: Creating...
aws_security_group.postgres: Creation complete after 0s [id=sg-610f6b6392498b116]
aws_db_subnet_group.this: Creation complete after 2s [id=infrafy-db-subnets]
aws_db_instance.postgres: Creating...
aws_s3_bucket.artifacts: Still creating... [00m10s elapsed]
aws_db_instance.postgres: Still creating... [00m10s elapsed]
aws_s3_bucket.artifacts: Still creating... [00m20s elapsed]
aws_db_instance.postgres: Still creating... [00m20s elapsed]
aws_s3_bucket.artifacts: Still creating... [00m30s elapsed]
aws_db_instance.postgres: Still creating... [00m30s elapsed]
aws_s3_bucket.artifacts: Still creating... [00m40s elapsed]
aws_db_instance.postgres: Still creating... [00m40s elapsed]
aws_s3_bucket.artifacts: Still creating... [00m50s elapsed]
aws_db_instance.postgres: Still creating... [00m50s elapsed]
aws_s3_bucket.artifacts: Still creating... [01m00s elapsed]
aws_db_instance.postgres: Still creating... [01m00s elapsed]
aws_s3_bucket.artifacts: Still creating... [01m10s elapsed]
aws_db_instance.postgres: Still creating... [01m10s elapsed]
aws_s3_bucket.artifacts: Still creating... [01m20s elapsed]
aws_db_instance.postgres: Still creating... [01m20s elapsed]
aws_db_instance.postgres: Creation complete after 1m27s [id=db-C0AD3119]
aws_s3_bucket.artifacts: Still creating... [01m30s elapsed]
aws_s3_bucket.artifacts: Still creating... [01m40s elapsed]
aws_s3_bucket.artifacts: Still creating... [01m50s elapsed]
aws_s3_bucket.artifacts: Still creating... [02m00s elapsed]
aws_s3_bucket.artifacts: Still creating... [02m10s elapsed]
aws_s3_bucket.artifacts: Still creating... [02m20s elapsed]
aws_s3_bucket.artifacts: Still creating... [02m30s elapsed]
aws_s3_bucket.artifacts: Still creating... [02m40s elapsed]
aws_s3_bucket.artifacts: Still creating... [02m50s elapsed]
