{"format_version":"1.2","terraform_version":"1.13.5","variables":{"allowed_cidr_blocks":{"value":["0.0.0.0/0"]},"app_name":{"value":"infrafy"},"aws_region":{"value":"us-east-1"},"db_allocated_storage":{"value":20},"db_instance_class":{"value":"db.t3.micro"},"db_name":{"value":"infrafy"},"db_password":{"value":"ai-basis-tf"},"db_publicly_accessible":{"value":true},"db_username":{"value":"kiwi"}},"planned_values":{"outputs":{"artifacts_bucket_name":{"sensitive":false},"database_url":{"sensitive":true},"db_endpoint":{"sensitive":false},"db_port":{"sensitive":false}},"root_module":{"resources":[{"address":"aws_db_instance.postgres","mode":"managed","type":"aws_db_instance","name":"postgres","provider_name":"registry.terraform.io/hashicorp/aws","schema_version":2,"values":{"allocated_storage":20,"allow_major_version_upgrade":null,"apply_immediately":true,"auto_minor_version_upgrade":true,"blue_green_update":[],"copy_tags_to_snapshot":false,"custom_iam_instance_profile":null,"customer_owned_ip_enabled":null,"db_name":"infrafy","db_subnet_group_name":"infrafy-db-subnets","dedicated_log_volume":false,"delete_automated_backups":true,"deletion_protection":false,"domain":null,"domain_auth_secret_arn":null,"domain_dns_ips":null,"domain_iam_role_name":null,"domain_ou":null,"enabled_cloudwatch_logs_exports":null,"engine":"postgres","engine_version":"16.2","final_snapshot_identifier":null,"iam_database_authentication_enabled":null,"identifier_prefix":"infrafy-pg-","instance_class":"db.t3.micro","manage_master_user_password":null,"max_allocated_storage":null,"monitoring_interval":0,"password":"ai-basis-tf","password_wo":null,"password_wo_version":null,"performance_insights_enabled":false,"publicly_accessible":true,"replicate_source_db":null,"restore_to_point_in_time":[],"s3_import":[],"skip_final_snapshot":true,"storage_encrypted":null,"tags":{"Name":"infrafy-postgres"},"tags_all":{"Application":"infrafy","ManagedBy":"terraform","Name":"infrafy-postgres"},"timeouts":null,"upgrade_storage_config":null,"username":"kiwi"},"sensitive_values":{"blue_green_update":[],"listener_endpoint":[],"master_user_secret":[],"password":true,"password_wo":true,"replicas":[],"restore_to_point_in_time":[],"s3_import":[],"tags":{},"tags_all":{},"vpc_security_group_ids":[]}},{"address":"aws_db_subnet_group.this","mode":"managed","type":"aws_db_subnet_group","name":"this","provider_name":"registry.terraform.io/hashicorp/aws","schema_version":0,"values":{"description":"Managed by Terraform","name":"infrafy-db-subnets","subnet_ids":["subnet-2db5aa2f0e93e3cdb","subnet-7033fce3794a33d9d","subnet-9ba199b9ac838b44d","subnet-a011d6ed46434238d","subnet-bfa06a7a4095d82fd","subnet-fa8c0ca7d81a2938d"],"tags":{"Name":"infrafy-db-subnets"},"tags_all":{"Application":"infrafy","ManagedBy":"terraform","Name":"infrafy-db-subnets"}},"sensitive_values":{"subnet_ids":[false,false,false,false,false,false],"supported_network_types":[],"tags":{},"tags_all":{}}},{"address":"aws_s3_bucket.artifacts","mode":"managed","type":"aws_s3_bucket","name":"artifacts","provider_name":"registry.terraform.io/hashicorp/aws","schema_version":0,"values":{"bucket_prefix":"infrafy-artifacts-","force_destroy":false,"tags":{"Name":"infrafy-artifacts"},"tags_all":{"Application":"infrafy","ManagedBy":"terraform","Name":"infrafy-artifacts"},"timeouts":null},"sensitive_values":{"cors_rule":[],"grant":[],"lifecycle_rule":[],"logging":[],"object_lock_configuration":[],"replication_configuration":[],"server_side_encryption_configuration":[],"tags":{},"tags_all":{},"versioning":[],"website":[]}},{"address":"aws_security_group.postgres","mode":"managed","type":"aws_security_group","name":"postgres","provider_name":"registry.terraform.io/hashicorp/aws","schema_version":1,"values":{"description":"Allow inbound Postgres","egress":[{"cidr_blocks":["0.0.0.0/0"],"description":"","from_port":0,"ipv6_cidr_blocks":[],"prefix_list_ids":[],"protocol":"-1","security_groups":[],"self":false,"to_port":0}],"ingress":[{"cidr_blocks":["0.0.0.0/0"],"description":"Postgres","from_port":5432,"ipv6_cidr_blocks":[],"prefix_list_ids":[],"protocol":"tcp","security_groups":[],"self":false,"to_port":5432}],"name_prefix":"infrafy-postgres-","revoke_rules_on_delete":false,"tags":null,"tags_all":{"Application":"infrafy","ManagedBy":"terraform"},"timeouts":null,"vpc_id":"vpc-ca252f759eed2e442"},"sensitive_values":{"egress":[{"cidr_blocks":[false],"ipv6_cidr_blocks":[],"prefix_list_ids":[],"security_groups":[]}],"ingress":[{"cidr_blocks":[false],"ipv6_cidr_blocks":[],"prefix_list_ids":[],"security_groups":[]}],"tags_all":{}}}]}},"resource_changes":[{"address":"aws_db_instance.postgres","mode":"managed","type":"aws_db_instance","name":"postgres","provider_name":"registry.terraform.io/hashicorp/aws","change":{"actions":["create"],"before":null,"after":{"allocated_storage":20,"allow_major_version_upgrade":null,"apply_immediately":true,"auto_minor_version_upgrade":true,"blue_green_update":[],"copy_tags_to_snapshot":false,"custom_iam_instance_profile":null,"customer_owned_ip_enabled":null,"db_name":"infrafy","db_subnet_group_name":"infrafy-db-subnets","dedicated_log_volume":false,"delete_automated_backups":true,"deletion_protection":false,"domain":null,"domain_auth_secret_arn":null,"domain_dns_ips":null,"domain_iam_role_name":null,"domain_ou":null,"enabled_cloudwatch_logs_exports":null,"engine":"postgres","engine_version":"16.2","final_snapshot_identifier":null,"iam_database_authentication_enabled":null,"identifier_prefix":"infrafy-pg-","instance_class":"db.t3.micro","manage_master_user_password":null,"max_allocated_storage":null,"monitoring_interval":0,"password":"ai-basis-tf","password_wo":null,"password_wo_version":null,"performance_insights_enabled":false,"publicly_accessible":true,"replicate_source_db":null,"restore_to_point_in_time":[],"s3_import":[],"skip_final_snapshot":true,"storage_encrypted":null,"tags":{"Name":"infrafy-postgres"},"tags_all":{"Application":"infrafy","ManagedBy":"terraform","Name":"infrafy-postgres"},"timeouts":null,"upgrade_storage_config":null,"username":"kiwi"},"after_unknown":{"address":true,"arn":true,"availability_zone":true,"backup_retention_period":true,"backup_target":true,"backup_window":true,"blue_green_update":[],"ca_cert_identifier":true,"character_set_name":true,"database_insights_mode":true,"domain_fqdn":true,"endpoint":true,"engine_lifecycle_support":true,"engine_version_actual":true,"hosted_zone_id":true,"id":true,"identifier":true,"iops":true,"kms_key_id":true,"latest_restorable_time":true,"license_model":true,"listener_endpoint":true,"maintenance_window":true,"master_user_secret":true,"master_user_secret_kms_key_id":true,"monitoring_role_arn":true,"multi_az":true,"nchar_character_set_name":true,"network_type":true,"option_group_name":true,"parameter_group_name":true,"performance_insights_kms_key_id":true,"performance_insights_retention_period":true,"port":true,"replica_mode":true,"replicas":true,"resource_id":true,"restore_to_point_in_time":[],"s3_import":[],"snapshot_identifier":true,"status":true,"storage_throughput":true,"storage_type":true,"tags":{},"tags_all":{},"timezone":true,"vpc_security_group_ids":true},"before_sensitive":false,"after_sensitive":{"blue_green_update":[],"listener_endpoint":[],"master_user_secret":[],"password":true,"password_wo":true,"replicas":[],"restore_to_point_in_time":[],"s3_import":[],"tags":{},"tags_all":{},"vpc_security_group_ids":[]}}},{"address":"aws_db_subnet_group.this","mode":"managed","type":"aws_db_subnet_group","name":"this","provider_name":"registry.terraform.io/hashicorp/aws","change":{"actions":["create"],"before":null,"after":{"description":"Managed by Terraform","name":"infrafy-db-subnets","subnet_ids":["subnet-2db5aa2f0e93e3cdb","subnet-7033fce3794a33d9d","subnet-9ba199b9ac838b44d","subnet-a011d6ed46434238d","subnet-bfa06a7a4095d82fd","subnet-fa8c0ca7d81a2938d"],"tags":{"Name":"infrafy-db-subnets"},"tags_all":{"Application":"infrafy","ManagedBy":"terraform","Name":"infrafy-db-subnets"}},"after_unknown":{"arn":true,"id":true,"name_prefix":true,"subnet_ids":[false,false,false,false,false,false],"supported_network_types":true,"tags":{},"tags_all":{},"vpc_id":true},"before_sensitive":false,"after_sensitive":{"subnet_ids":[false,false,false,false,false,false],"supported_network_types":[],"tags":{},"tags_all":{}}}},{"address":"aws_s3_bucket.artifacts","mode":"managed","type":"aws_s3_bucket","name":"artifacts","provider_name":"registry.terraform.io/hashicorp/aws","change":{"actions":["create"],"before":null,"after":{"bucket_prefix":"infrafy-artifacts-","force_destroy":false,"tags":{"Name":"infrafy-artifacts"},"tags_all":{"Application":"infrafy","ManagedBy":"terraform","Name":"infrafy-artifacts"},"timeouts":null},"after_unknown":{"acceleration_status":true,"acl":true,"arn":true,"bucket":true,"bucket_domain_name":true,"bucket_regional_domain_name":true,"cors_rule":true,"grant":true,"hosted_zone_id":true,"id":true,"lifecycle_rule":true,"logging":true,"object_lock_configuration":true,"object_lock_enabled":true,"policy":true,"region":true,"replication_configuration":true,"request_payer":true,"server_side_encryption_configuration":true,"tags":{},"tags_all":{},"versioning":true,"website":true,"website_domain":true,"website_endpoint":true},"before_sensitive":false,"after_sensitive":{"cors_rule":[],"grant":[],"lifecycle_rule":[],"logging":[],"object_lock_configuration":[],"replication_configuration":[],"server_side_encryption_configuration":[],"tags":{},"tags_all":{},"versioning":[],"website":[]}}},{"address":"aws_security_group.postgres","mode":"managed","type":"aws_security_group","name":"postgres","provider_name":"registry.terraform.io/hashicorp/aws","change":{"actions":["create"],"before":null,"after":{"description":"Allow inbound Postgres","egress":[{"cidr_blocks":["0.0.0.0/0"],"description":"","from_port":0,"ipv6_cidr_blocks":[],"prefix_list_ids":[],"protocol":"-1","security_groups":[],"self":false,"to_port":0}],"ingress":[{"cidr_blocks":["0.0.0.0/0"],"description":"Postgres","from_port":5432,"ipv6_cidr_blocks":[],"prefix_list_ids":[],"protocol":"tcp","security_groups":[],"self":false,"to_port":5432}],"name_prefix":"infrafy-postgres-","revoke_rules_on_delete":false,"tags":null,"tags_all":{"Application":"infrafy","ManagedBy":"terraform"},"timeouts":null,"vpc_id":"vpc-ca252f759eed2e442"},"after_unknown":{"arn":true,"egress":[{"cidr_blocks":[false],"ipv6_cidr_blocks":[],"prefix_list_ids":[],"security_groups":[]}],"id":true,"ingress":[{"cidr_blocks":[false],"ipv6_cidr_blocks":[],"prefix_list_ids":[],"security_groups":[]}],"name":true,"owner_id":true,"tags_all":{}},"before_sensitive":false,"after_sensitive":{"egress":[{"cidr_blocks":[false],"ipv6_cidr_blocks":[],"prefix_list_ids":[],"security_groups":[]}],"ingress":[{"cidr_blocks":[false],"ipv6_cidr_blocks":[],"prefix_list_ids":[],"security_groups":[]}],"tags_all":{}}}}],"output_changes":{"artifacts_bucket_name":{"actions":["create"],"before":null,"after_unknown":true,"before_sensitive":false,"after_sensitive":false},"database_url":{"actions":["create"],"before":null,"after_unknown":true,"before_sensitive":true,"after_sensitive":true},"db_endpoint":{"actions":["create"],"before":null,"after_unknown":true,"before_sensitive":false,"after_sensitive":false},"db_port":{"actions":["create"],"before":null,"after_unknown":true,"before_sensitive":false,"after_sensitive":false}},"prior_state":{"format_version":"1.0","terraform_version":"1.13.5","values":{"root_module":{"resources":[{"address":"data.aws_subnets.default","mode":"data","type":"aws_subnets","name":"default","provider_name":"registry.terraform.io/hashicorp/aws","schema_version":0,"values":{"filter":[{"name":"vpc-id","values":["vpc-ca252f759eed2e442"]}],"id":"us-east-1","ids":["subnet-fa8c0ca7d81a2938d","subnet-bfa06a7a4095d82fd","subnet-7033fce3794a33d9d","subnet-2db5aa2f0e93e3cdb","subnet-a011d6ed46434238d","subnet-9ba199b9ac838b44d"],"tags":null,"timeouts":null},"sensitive_values":{"filter":[{"values":[false]}],"ids":[false,false,false,false,false,false]}},{"address":"data.aws_vpc.default","mode":"data","type":"aws_vpc","name":"default","provider_name":"registry.terraform.io/hashicorp/aws","schema_version":0,"values":{"arn":"arn:aws:ec2:us-east-1:000000000000:vpc/vpc-ca252f759eed2e442","cidr_block":"172.31.0.0/16","cidr_block_associations":[{"association_id":"vpc-cidr-assoc-fd97d59b83d23c17b","cidr_block":"172.31.0.0/16","state":"associated"}],"default":true,"dhcp_options_id":"default","enable_dns_hostnames":true,"enable_dns_support":true,"enable_network_address_usage_metrics":false,"filter":null,"id":"vpc-ca252f759eed2e442","instance_tenancy":"default","ipv6_association_id":"","ipv6_cidr_block":"","main_route_table_id":"rtb-f2d23ecf6f5909a04","owner_id":"000000000000","state":null,"tags":{},"timeouts":null},"sensitive_values":{"cidr_block_associations":[{}],"tags":{}}}]}}},"configuration":{"provider_config":{"aws":{"name":"aws","full_name":"registry.terraform.io/hashicorp/aws","version_constraint":"~\u003e 5.0","expressions":{"default_tags":[{"tags":{"references":["var.app_name"]}}],"region":{"references":["var.aws_region"]}}}},"root_module":{"outputs":{"artifacts_bucket_name":{"expression":{"references":["aws_s3_bucket.artifacts.bucket","aws_s3_bucket.artifacts"]},"description":"S3 bucket for artifacts/static assets."},"database_url":{"sensitive":true,"expression":{"references":["var.db_username","var.db_password","aws_db_instance.postgres.address","aws_db_instance.postgres","aws_db_instance.postgres.port","aws_db_instance.postgres","var.db_name"]},"description":"Convenience DATABASE_URL for the app (Prisma)."},"db_endpoint":{"expression":{"references":["aws_db_instance.postgres.address","aws_db_instance.postgres"]},"description":"RDS endpoint address."},"db_port":{"expression":{"references":["aws_db_instance.postgres.port","aws_db_instance.postgres"]},"description":"RDS port."}},"resources":[{"address":"aws_db_instance.postgres","mode":"managed","type":"aws_db_instance","name":"postgres","provider_config_key":"aws","expressions":{"allocated_storage":{"references":["var.db_allocated_storage"]},"apply_immediately":{"constant_value":true},"db_name":{"references":["var.db_name"]},"db_subnet_group_name":{"references":["aws_db_subnet_group.this.name","aws_db_subnet_group.this"]},"deletion_protection":{"constant_value":false},"engine":{"constant_value":"postgres"},"engine_version":{"constant_value":"16.2"},"identifier_prefix":{"references":["var.app_name"]},"instance_class":{"references":["var.db_instance_class"]},"password":{"references":["var.db_password"]},"publicly_accessible":{"references":["var.db_publicly_accessible"]},"skip_final_snapshot":{"constant_value":true},"tags":{"references":["var.app_name"]},"username":{"references":["var.db_username"]},"vpc_security_group_ids":{"references":["aws_security_group.postgres.id","aws_security_group.postgres"]}},"schema_version":2},{"address":"aws_db_subnet_group.this","mode":"managed","type":"aws_db_subnet_group","name":"this","provider_config_key":"aws","expressions":{"name":{"references":["var.app_name"]},"subnet_ids":{"references":["data.aws_subnets.default.ids","data.aws_subnets.default"]},"tags":{"references":["var.app_name"]}},"schema_version":0},{"address":"aws_s3_bucket.artifacts","mode":"managed","type":"aws_s3_bucket","name":"artifacts","provider_config_key":"aws","expressions":{"bucket_prefix":{"references":["var.app_name"]},"tags":{"references":["var.app_name"]}},"schema_version":0},{"address":"aws_security_group.postgres","mode":"managed","type":"aws_security_group","name":"postgres","provider_config_key":"aws","expressions":{"description":{"constant_value":"Allow inbound Postgres"},"egress":{"constant_value":[{"cidr_blocks":["0.0.0.0/0"],"description":null,"from_port":0,"ipv6_cidr_blocks":null,"prefix_list_ids":null,"protocol":"-1","security_groups":null,"self":null,"to_port":0}]},"ingress":{"references":["var.allowed_cidr_blocks"]},"name_prefix":{"references":["var.app_name"]},"vpc_id":{"references":["data.aws_vpc.default.id","data.aws_vpc.default"]}},"schema_version":1},{"address":"data.aws_subnets.default","mode":"data","type":"aws_subnets","name":"default","provider_config_key":"aws","expressions":{"filter":[{"name":{"constant_value":"vpc-id"},"values":{"references":["data.aws_vpc.default.id","data.aws_vpc.default"]}}]},"schema_version":0},{"address":"data.aws_vpc.default","mode":"data","type":"aws_vpc","name":"default","provider_config_key":"aws","expressions":{"default":{"constant_value":true}},"schema_version":0}],"variables":{"allowed_cidr_blocks":{"default":["0.0.0.0/0"],"description":"CIDR blocks allowed to access Postgres (5432). For quick prototyping you can set to [\"0.0.0.0/0\"]."},"app_name":{"default":"infrafy","description":"Application name used for naming/tagging."},"aws_region":{"default":"us-east-1","description":"AWS region to deploy into."},"db_allocated_storage":{"default":20,"description":"Allocated storage (GiB)."},"db_instance_class":{"default":"db.t3.micro","description":"RDS instance class."},"db_name":{"default":"infrafy","description":"PostgreSQL database name."},"db_password":{"description":"PostgreSQL master password.","sensitive":true},"db_publicly_accessible":{"default":true,"description":"Whether the DB should be publicly accessible (useful for quick prototyping)."},"db_username":{"default":"kiwi","description":"PostgreSQL master username."}}}},"relevant_attributes":[{"resource":"aws_db_subnet_group.this","attribute":["name"]},{"resource":"aws_security_group.postgres","attribute":["id"]},{"resource":"data.aws_subnets.default","attribute":["ids"]},{"resource":"data.aws_vpc.default","attribute":["id"]},{"resource":"aws_db_instance.postgres","attribute":["address"]},{"resource":"aws_db_instance.postgres","attribute":["port"]},{"resource":"aws_s3_bucket.artifacts","attribute":["bucket"]}],"timestamp":"2026-01-25T19:03:37Z","applyable":true,"complete":true,"errored":false}
