data.aws_availability_zones.available: Reading...
data.aws_ami.al2023: Reading...
data.aws_availability_zones.available: Read complete after 1s [id=us-east-1]
data.aws_ami.al2023: Read complete after 6s [id=ami-07c1fa5792ef8fe27]

Terraform used the selected providers to generate the following execution
plan. Resource actions are indicated with the following symbols:
  + create

Terraform will perform the following actions:

  # aws_autoscaling_group.workers will be created
  + resource "aws_autoscaling_group" "workers" {
      + arn                              = (known after apply)
      + availability_zones               = (known after apply)
      + default_cooldown                 = (known after apply)
      + desired_capacity                 = 1
      + force_delete                     = false
      + force_delete_warm_pool           = false
      + health_check_grace_period        = 300
      + health_check_type                = "EC2"
      + id                               = (known after apply)
      + ignore_failed_scaling_activities = false
      + load_balancers                   = (known after apply)
      + max_size                         = 3
      + metrics_granularity              = "1Minute"
      + min_size                         = 1
      + name                             = "rke-workers"
      + name_prefix                      = (known after apply)
      + predicted_capacity               = (known after apply)
      + protect_from_scale_in            = false
      + service_linked_role_arn          = (known after apply)
      + target_group_arns                = (known after apply)
      + vpc_zone_identifier              = (known after apply)
      + wait_for_capacity_timeout        = "10m"
      + warm_pool_size                   = (known after apply)

      + availability_zone_distribution (known after apply)

      + capacity_reservation_specification (known after apply)

      + launch_template {
          + id      = (known after apply)
          + name    = (known after apply)
          + version = "$Latest"
        }

      + mixed_instances_policy (known after apply)

      + tag {
          + key                 = "Name"
          + propagate_at_launch = true
          + value               = "rke-worker"
        }
      + tag {
          + key                 = "Role"
          + propagate_at_launch = true
          + value               = "worker"
        }

      + traffic_source (known after apply)
    }

  # aws_iam_instance_profile.node will be created
  + resource "aws_iam_instance_profile" "node" {
      + arn         = (known after apply)
      + create_date = (known after apply)
      + id          = (known after apply)
      + name        = "rke-node-profile"
      + name_prefix = (known after apply)
      + path        = "/"
      + role        = "rke-node-role"
      + tags_all    = {
          + "Managed" = "terraform"
          + "Project" = "rke-on-ec2"
        }
      + unique_id   = (known after apply)
    }

  # aws_iam_role.node will be created
  + resource "aws_iam_role" "node" {
      + arn                   = (known after apply)
      + assume_role_policy    = jsonencode(
            {
              + Statement = [
                  + {
                      + Action    = "sts:AssumeRole"
                      + Effect    = "Allow"
                      + Principal = {
                          + Service = "ec2.amazonaws.com"
                        }
                    },
                ]
              + Version   = "2012-10-17"
            }
        )
      + create_date           = (known after apply)
      + force_detach_policies = false
      + id                    = (known after apply)
      + managed_policy_arns   = (known after apply)
      + max_session_duration  = 3600
      + name                  = "rke-node-role"
      + name_prefix           = (known after apply)
      + path                  = "/"
      + tags_all              = {
          + "Managed" = "terraform"
          + "Project" = "rke-on-ec2"
        }
      + unique_id             = (known after apply)

      + inline_policy (known after apply)
    }

  # aws_iam_role_policy_attachment.node_ecr will be created
  + resource "aws_iam_role_policy_attachment" "node_ecr" {
      + id         = (known after apply)
      + policy_arn = "arn:aws:iam::aws:policy/AmazonEC2ContainerRegistryReadOnly"
      + role       = "rke-node-role"
    }

  # aws_iam_role_policy_attachment.node_ssm will be created
  + resource "aws_iam_role_policy_attachment" "node_ssm" {
      + id         = (known after apply)
      + policy_arn = "arn:aws:iam::aws:policy/AmazonSSMManagedInstanceCore"
      + role       = "rke-node-role"
    }

  # aws_instance.control_plane[0] will be created
  + resource "aws_instance" "control_plane" {
      + ami                                  = "ami-07c1fa5792ef8fe27"
      + arn                                  = (known after apply)
      + associate_public_ip_address          = (known after apply)
      + availability_zone                    = (known after apply)
      + cpu_core_count                       = (known after apply)
      + cpu_threads_per_core                 = (known after apply)
      + disable_api_stop                     = (known after apply)
      + disable_api_termination              = (known after apply)
      + ebs_optimized                        = (known after apply)
      + enable_primary_ipv6                  = (known after apply)
      + get_password_data                    = false
      + host_id                              = (known after apply)
      + host_resource_group_arn              = (known after apply)
      + iam_instance_profile                 = "rke-node-profile"
      + id                                   = (known after apply)
      + instance_initiated_shutdown_behavior = (known after apply)
      + instance_lifecycle                   = (known after apply)
      + instance_state                       = (known after apply)
      + instance_type                        = "t3.medium"
      + ipv6_address_count                   = (known after apply)
      + ipv6_addresses                       = (known after apply)
      + key_name                             = (known after apply)
      + monitoring                           = (known after apply)
      + outpost_arn                          = (known after apply)
      + password_data                        = (known after apply)
      + placement_group                      = (known after apply)
      + placement_partition_number           = (known after apply)
      + primary_network_interface_id         = (known after apply)
      + private_dns                          = (known after apply)
      + private_ip                           = (known after apply)
      + public_dns                           = (known after apply)
      + public_ip                            = (known after apply)
      + secondary_private_ips                = (known after apply)
      + security_groups                      = (known after apply)
      + source_dest_check                    = true
      + spot_instance_request_id             = (known after apply)
      + subnet_id                            = (known after apply)
      + tags                                 = {
          + "Name" = "rke-cp-0"
          + "Role" = "control-plane"
        }
      + tags_all                             = {
          + "Managed" = "terraform"
          + "Name"    = "rke-cp-0"
          + "Project" = "rke-on-ec2"
          + "Role"    = "control-plane"
        }
      + tenancy                              = (known after apply)
      + user_data                            = "3e9343f0a395d29863fe273a0966c5aa049ff017"
      + user_data_base64                     = (known after apply)
      + user_data_replace_on_change          = false
      + vpc_security_group_ids               = (known after apply)

      + capacity_reservation_specification (known after apply)

      + cpu_options (known after apply)

      + ebs_block_device (known after apply)

      + enclave_options (known after apply)

      + ephemeral_block_device (known after apply)

      + instance_market_options (known after apply)

      + maintenance_options (known after apply)

      + metadata_options {
          + http_endpoint               = "enabled"
          + http_protocol_ipv6          = "disabled"
          + http_put_response_hop_limit = 2
          + http_tokens                 = "required"
          + instance_metadata_tags      = (known after apply)
        }

      + network_interface (known after apply)

      + private_dns_name_options (known after apply)

      + root_block_device {
          + delete_on_termination = true
          + device_name           = (known after apply)
          + encrypted             = true
          + iops                  = (known after apply)
          + kms_key_id            = (known after apply)
          + tags_all              = (known after apply)
          + throughput            = (known after apply)
          + volume_id             = (known after apply)
          + volume_size           = 50
          + volume_type           = "gp3"
        }
    }

  # aws_instance.ops[0] will be created
  + resource "aws_instance" "ops" {
      + ami                                  = "ami-07c1fa5792ef8fe27"
      + arn                                  = (known after apply)
      + associate_public_ip_address          = (known after apply)
      + availability_zone                    = (known after apply)
      + cpu_core_count                       = (known after apply)
      + cpu_threads_per_core                 = (known after apply)
      + disable_api_stop                     = (known after apply)
      + disable_api_termination              = (known after apply)
      + ebs_optimized                        = (known after apply)
      + enable_primary_ipv6                  = (known after apply)
      + get_password_data                    = false
      + host_id                              = (known after apply)
      + host_resource_group_arn              = (known after apply)
      + iam_instance_profile                 = "rke-node-profile"
      + id                                   = (known after apply)
      + instance_initiated_shutdown_behavior = (known after apply)
      + instance_lifecycle                   = (known after apply)
      + instance_state                       = (known after apply)
      + instance_type                        = "t3.small"
      + ipv6_address_count                   = (known after apply)
      + ipv6_addresses                       = (known after apply)
      + key_name                             = (known after apply)
      + monitoring                           = (known after apply)
      + outpost_arn                          = (known after apply)
      + password_data                        = (known after apply)
      + placement_group                      = (known after apply)
      + placement_partition_number           = (known after apply)
      + primary_network_interface_id         = (known after apply)
      + private_dns                          = (known after apply)
      + private_ip                           = (known after apply)
      + public_dns                           = (known after apply)
      + public_ip                            = (known after apply)
      + secondary_private_ips                = (known after apply)
      + security_groups                      = (known after apply)
      + source_dest_check                    = true
      + spot_instance_request_id             = (known after apply)
      + subnet_id                            = (known after apply)
      + tags                                 = {
          + "Name" = "rke-ops"
          + "Role" = "ops"
        }
      + tags_all                             = {
          + "Managed" = "terraform"
          + "Name"    = "rke-ops"
          + "Project" = "rke-on-ec2"
          + "Role"    = "ops"
        }
      + tenancy                              = (known after apply)
      + user_data                            = "6cf369723047c54675c4aa8a7cc1d40993c9ddcc"
      + user_data_base64                     = (known after apply)
      + user_data_replace_on_change          = false
      + vpc_security_group_ids               = (known after apply)

      + capacity_reservation_specification (known after apply)

      + cpu_options (known after apply)

      + ebs_block_device (known after apply)

      + enclave_options (known after apply)

      + ephemeral_block_device (known after apply)

      + instance_market_options (known after apply)

      + maintenance_options (known after apply)

      + metadata_options {
          + http_endpoint               = "enabled"
          + http_protocol_ipv6          = "disabled"
          + http_put_response_hop_limit = 2
          + http_tokens                 = "required"
          + instance_metadata_tags      = (known after apply)
        }

      + network_interface (known after apply)

      + private_dns_name_options (known after apply)

      + root_block_device (known after apply)
    }

  # aws_kms_alias.main will be created
  + resource "aws_kms_alias" "main" {
      + arn            = (known after apply)
      + id             = (known after apply)
      + name           = "alias/rke-main"
      + name_prefix    = (known after apply)
      + target_key_arn = (known after apply)
      + target_key_id  = (known after apply)
    }

  # aws_kms_key.main will be created
  + resource "aws_kms_key" "main" {
      + arn                                = (known after apply)
      + bypass_policy_lockout_safety_check = false
      + customer_master_key_spec           = "SYMMETRIC_DEFAULT"
      + deletion_window_in_days            = 7
      + description                        = "rke key for EBS and general encryption"
      + enable_key_rotation                = true
      + id                                 = (known after apply)
      + is_enabled                         = true
      + key_id                             = (known after apply)
      + key_usage                          = "ENCRYPT_DECRYPT"
      + multi_region                       = (known after apply)
      + policy                             = (known after apply)
      + rotation_period_in_days            = (known after apply)
      + tags_all                           = {
          + "Managed" = "terraform"
          + "Project" = "rke-on-ec2"
        }
    }

  # aws_launch_template.control_plane will be created
  + resource "aws_launch_template" "control_plane" {
      + arn                    = (known after apply)
      + default_version        = (known after apply)
      + id                     = (known after apply)
      + image_id               = "ami-07c1fa5792ef8fe27"
      + instance_type          = "t3.medium"
      + latest_version         = (known after apply)
      + name                   = (known after apply)
      + name_prefix            = "rke-cp-"
      + tags_all               = {
          + "Managed" = "terraform"
          + "Project" = "rke-on-ec2"
        }
      + user_data              = "IyEvYmluL2Jhc2gKc2V0IC1ldW8gcGlwZWZhaWwKZG5mIC15IHVwZGF0ZQojIFNTTSBhZ2VudCBpcyBwcmVpbnN0YWxsZWQgb24gQUwyMDIzOyBlbnN1cmUgaXQncyBlbmFibGVkCnN5c3RlbWN0bCBlbmFibGUgLS1ub3cgYW1hem9uLXNzbS1hZ2VudCB8fCB0cnVlCg=="
      + vpc_security_group_ids = (known after apply)

      + block_device_mappings {
          + device_name = "/dev/xvda"

          + ebs {
              + delete_on_termination      = "true"
              + encrypted                  = "true"
              + iops                       = (known after apply)
              + kms_key_id                 = (known after apply)
              + throughput                 = (known after apply)
              + volume_initialization_rate = (known after apply)
              + volume_size                = 50
              + volume_type                = "gp3"
            }
        }

      + iam_instance_profile {
          + name = "rke-node-profile"
        }

      + metadata_options {
          + http_endpoint               = "enabled"
          + http_protocol_ipv6          = (known after apply)
          + http_put_response_hop_limit = 2
          + http_tokens                 = "required"
          + instance_metadata_tags      = (known after apply)
        }

      + tag_specifications {
          + resource_type = "instance"
          + tags          = {
              + "Name" = "rke-control-plane"
              + "Role" = "control-plane"
            }
        }
    }

  # aws_launch_template.workers will be created
  + resource "aws_launch_template" "workers" {
      + arn                    = (known after apply)
      + default_version        = (known after apply)
      + id                     = (known after apply)
      + image_id               = "ami-07c1fa5792ef8fe27"
      + instance_type          = "t3.large"
      + latest_version         = (known after apply)
      + name                   = (known after apply)
      + name_prefix            = "rke-worker-"
      + tags_all               = {
          + "Managed" = "terraform"
          + "Project" = "rke-on-ec2"
        }
      + user_data              = "IyEvYmluL2Jhc2gKc2V0IC1ldW8gcGlwZWZhaWwKZG5mIC15IHVwZGF0ZQpzeXN0ZW1jdGwgZW5hYmxlIC0tbm93IGFtYXpvbi1zc20tYWdlbnQgfHwgdHJ1ZQo="
      + vpc_security_group_ids = (known after apply)

      + block_device_mappings {
          + device_name = "/dev/xvda"

          + ebs {
              + delete_on_termination      = "true"
              + encrypted                  = "true"
              + iops                       = (known after apply)
              + kms_key_id                 = (known after apply)
              + throughput                 = (known after apply)
              + volume_initialization_rate = (known after apply)
              + volume_size                = 50
              + volume_type                = "gp3"
            }
        }

      + iam_instance_profile {
          + name = "rke-node-profile"
        }

      + metadata_options {
          + http_endpoint               = "enabled"
          + http_protocol_ipv6          = (known after apply)
          + http_put_response_hop_limit = 2
          + http_tokens                 = "required"
          + instance_metadata_tags      = (known after apply)
        }

      + tag_specifications {
          + resource_type = "instance"
          + tags          = {
              + "Name" = "rke-worker"
              + "Role" = "worker"
            }
        }
    }

  # aws_security_group.control_plane will be created
  + resource "aws_security_group" "control_plane" {
      + arn                    = (known after apply)
      + description            = "RKE control plane security group"
      + egress                 = [
          + {
              + cidr_blocks      = [
                  + "0.0.0.0/0",
                ]
              + description      = "All egress"
              + from_port        = 0
              + ipv6_cidr_blocks = []
              + prefix_list_ids  = []
              + protocol         = "-1"
              + security_groups  = []
              + self             = false
              + to_port          = 0
            },
        ]
      + id                     = (known after apply)
      + ingress                = [
          + {
              + cidr_blocks      = [
                  + "10.20.0.0/16",
                ]
              + description      = "Kubernetes API from VPC"
              + from_port        = 6443
              + ipv6_cidr_blocks = []
              + prefix_list_ids  = []
              + protocol         = "tcp"
              + security_groups  = []
              + self             = false
              + to_port          = 6443
            },
          + {
              + cidr_blocks      = [
                  + "10.20.0.0/16",
                ]
              + description      = "NodePort from VPC"
              + from_port        = 30000
              + ipv6_cidr_blocks = []
              + prefix_list_ids  = []
              + protocol         = "tcp"
              + security_groups  = []
              + self             = false
              + to_port          = 32767
            },
          + {
              + cidr_blocks      = [
                  + "10.20.0.0/16",
                ]
              + description      = "etcd from VPC"
              + from_port        = 2379
              + ipv6_cidr_blocks = []
              + prefix_list_ids  = []
              + protocol         = "tcp"
              + security_groups  = []
              + self             = false
              + to_port          = 2380
            },
          + {
              + cidr_blocks      = [
                  + "10.20.0.0/16",
                ]
              + description      = "kubelet from VPC"
              + from_port        = 10250
              + ipv6_cidr_blocks = []
              + prefix_list_ids  = []
              + protocol         = "tcp"
              + security_groups  = []
              + self             = false
              + to_port          = 10250
            },
        ]
      + name                   = "rke-control-plane"
      + name_prefix            = (known after apply)
      + owner_id               = (known after apply)
      + revoke_rules_on_delete = false
      + tags_all               = {
          + "Managed" = "terraform"
          + "Project" = "rke-on-ec2"
        }
      + vpc_id                 = (known after apply)
    }

  # aws_security_group.endpoints[0] will be created
  + resource "aws_security_group" "endpoints" {
      + arn                    = (known after apply)
      + description            = "Security group for interface VPC endpoints"
      + egress                 = [
          + {
              + cidr_blocks      = [
                  + "0.0.0.0/0",
                ]
              + description      = "All egress"
              + from_port        = 0
              + ipv6_cidr_blocks = []
              + prefix_list_ids  = []
              + protocol         = "-1"
              + security_groups  = []
              + self             = false
              + to_port          = 0
            },
        ]
      + id                     = (known after apply)
      + ingress                = [
          + {
              + cidr_blocks      = [
                  + "10.20.0.0/16",
                ]
              + description      = "HTTPS from VPC"
              + from_port        = 443
              + ipv6_cidr_blocks = []
              + prefix_list_ids  = []
              + protocol         = "tcp"
              + security_groups  = []
              + self             = false
              + to_port          = 443
            },
        ]
      + name                   = "rke-vpce"
      + name_prefix            = (known after apply)
      + owner_id               = (known after apply)
      + revoke_rules_on_delete = false
      + tags_all               = {
          + "Managed" = "terraform"
          + "Project" = "rke-on-ec2"
        }
      + vpc_id                 = (known after apply)
    }

  # aws_security_group.ops[0] will be created
  + resource "aws_security_group" "ops" {
      + arn                    = (known after apply)
      + description            = "Ops host security group"
      + egress                 = [
          + {
              + cidr_blocks      = [
                  + "0.0.0.0/0",
                ]
              + description      = "All egress"
              + from_port        = 0
              + ipv6_cidr_blocks = []
              + prefix_list_ids  = []
              + protocol         = "-1"
              + security_groups  = []
              + self             = false
              + to_port          = 0
            },
        ]
      + id                     = (known after apply)
      + ingress                = (known after apply)
      + name                   = "rke-ops"
      + name_prefix            = (known after apply)
      + owner_id               = (known after apply)
      + revoke_rules_on_delete = false
      + tags_all               = {
          + "Managed" = "terraform"
          + "Project" = "rke-on-ec2"
        }
      + vpc_id                 = (known after apply)
    }

  # aws_security_group.workers will be created
  + resource "aws_security_group" "workers" {
      + arn                    = (known after apply)
      + description            = "RKE worker security group"
      + egress                 = [
          + {
              + cidr_blocks      = [
                  + "0.0.0.0/0",
                ]
              + description      = "All egress"
              + from_port        = 0
              + ipv6_cidr_blocks = []
              + prefix_list_ids  = []
              + protocol         = "-1"
              + security_groups  = []
              + self             = false
              + to_port          = 0
            },
        ]
      + id                     = (known after apply)
      + ingress                = [
          + {
              + cidr_blocks      = [
                  + "10.20.0.0/16",
                ]
              + description      = "NodePort from VPC"
              + from_port        = 30000
              + ipv6_cidr_blocks = []
              + prefix_list_ids  = []
              + protocol         = "tcp"
              + security_groups  = []
              + self             = false
              + to_port          = 32767
            },
          + {
              + cidr_blocks      = [
                  + "10.20.0.0/16",
                ]
              + description      = "kubelet from VPC"
              + from_port        = 10250
              + ipv6_cidr_blocks = []
              + prefix_list_ids  = []
              + protocol         = "tcp"
              + security_groups  = []
              + self             = false
              + to_port          = 10250
            },
        ]
      + name                   = "rke-workers"
      + name_prefix            = (known after apply)
      + owner_id               = (known after apply)
      + revoke_rules_on_delete = false
      + tags_all               = {
          + "Managed" = "terraform"
          + "Project" = "rke-on-ec2"
        }
      + vpc_id                 = (known after apply)
    }

  # aws_security_group_rule.cp_to_workers_all will be created
  + resource "aws_security_group_rule" "cp_to_workers_all" {
      + description              = "All from control plane"
      + from_port                = 0
      + id                       = (known after apply)
      + protocol                 = "-1"
      + security_group_id        = (known after apply)
      + security_group_rule_id   = (known after apply)
      + self                     = false
      + source_security_group_id = (known after apply)
      + to_port                  = 0
      + type                     = "ingress"
    }

  # aws_security_group_rule.workers_to_cp_all will be created
  + resource "aws_security_group_rule" "workers_to_cp_all" {
      + description              = "All from workers"
      + from_port                = 0
      + id                       = (known after apply)
      + protocol                 = "-1"
      + security_group_id        = (known after apply)
      + security_group_rule_id   = (known after apply)
      + self                     = false
      + source_security_group_id = (known after apply)
      + to_port                  = 0
      + type                     = "ingress"
    }

  # aws_vpc_endpoint.ec2messages[0] will be created
  + resource "aws_vpc_endpoint" "ec2messages" {
      + arn                   = (known after apply)
      + cidr_blocks           = (known after apply)
      + dns_entry             = (known after apply)
      + id                    = (known after apply)
      + ip_address_type       = (known after apply)
      + network_interface_ids = (known after apply)
      + owner_id              = (known after apply)
      + policy                = (known after apply)
      + prefix_list_id        = (known after apply)
      + private_dns_enabled   = true
      + requester_managed     = (known after apply)
      + route_table_ids       = (known after apply)
      + security_group_ids    = (known after apply)
      + service_name          = "com.amazonaws.us-east-1.ec2messages"
      + service_region        = (known after apply)
      + state                 = (known after apply)
      + subnet_ids            = (known after apply)
      + tags_all              = {
          + "Managed" = "terraform"
          + "Project" = "rke-on-ec2"
        }
      + vpc_endpoint_type     = "Interface"
      + vpc_id                = (known after apply)

      + dns_options (known after apply)

      + subnet_configuration (known after apply)
    }

  # aws_vpc_endpoint.ecr_api[0] will be created
  + resource "aws_vpc_endpoint" "ecr_api" {
      + arn                   = (known after apply)
      + cidr_blocks           = (known after apply)
      + dns_entry             = (known after apply)
      + id                    = (known after apply)
      + ip_address_type       = (known after apply)
      + network_interface_ids = (known after apply)
      + owner_id              = (known after apply)
      + policy                = (known after apply)
      + prefix_list_id        = (known after apply)
      + private_dns_enabled   = true
      + requester_managed     = (known after apply)
      + route_table_ids       = (known after apply)
      + security_group_ids    = (known after apply)
      + service_name          = "com.amazonaws.us-east-1.ecr.api"
      + service_region        = (known after apply)
      + state                 = (known after apply)
      + subnet_ids            = (known after apply)
      + tags_all              = {
          + "Managed" = "terraform"
          + "Project" = "rke-on-ec2"
        }
      + vpc_endpoint_type     = "Interface"
      + vpc_id                = (known after apply)

      + dns_options (known after apply)

      + subnet_configuration (known after apply)
    }

  # aws_vpc_endpoint.ecr_dkr[0] will be created
  + resource "aws_vpc_endpoint" "ecr_dkr" {
      + arn                   = (known after apply)
      + cidr_blocks           = (known after apply)
      + dns_entry             = (known after apply)
      + id                    = (known after apply)
      + ip_address_type       = (known after apply)
      + network_interface_ids = (known after apply)
      + owner_id              = (known after apply)
      + policy                = (known after apply)
      + prefix_list_id        = (known after apply)
      + private_dns_enabled   = true
      + requester_managed     = (known after apply)
      + route_table_ids       = (known after apply)
      + security_group_ids    = (known after apply)
      + service_name          = "com.amazonaws.us-east-1.ecr.dkr"
      + service_region        = (known after apply)
      + state                 = (known after apply)
      + subnet_ids            = (known after apply)
      + tags_all              = {
          + "Managed" = "terraform"
          + "Project" = "rke-on-ec2"
        }
      + vpc_endpoint_type     = "Interface"
      + vpc_id                = (known after apply)

      + dns_options (known after apply)

      + subnet_configuration (known after apply)
    }

  # aws_vpc_endpoint.logs[0] will be created
  + resource "aws_vpc_endpoint" "logs" {
      + arn                   = (known after apply)
      + cidr_blocks           = (known after apply)
      + dns_entry             = (known after apply)
      + id                    = (known after apply)
      + ip_address_type       = (known after apply)
      + network_interface_ids = (known after apply)
      + owner_id              = (known after apply)
      + policy                = (known after apply)
      + prefix_list_id        = (known after apply)
      + private_dns_enabled   = true
      + requester_managed     = (known after apply)
      + route_table_ids       = (known after apply)
      + security_group_ids    = (known after apply)
      + service_name          = "com.amazonaws.us-east-1.logs"
      + service_region        = (known after apply)
      + state                 = (known after apply)
      + subnet_ids            = (known after apply)
      + tags_all              = {
          + "Managed" = "terraform"
          + "Project" = "rke-on-ec2"
        }
      + vpc_endpoint_type     = "Interface"
      + vpc_id                = (known after apply)

      + dns_options (known after apply)

      + subnet_configuration (known after apply)
    }

  # aws_vpc_endpoint.s3[0] will be created
  + resource "aws_vpc_endpoint" "s3" {
      + arn                   = (known after apply)
      + cidr_blocks           = (known after apply)
      + dns_entry             = (known after apply)
      + id                    = (known after apply)
      + ip_address_type       = (known after apply)
      + network_interface_ids = (known after apply)
      + owner_id              = (known after apply)
      + policy                = (known after apply)
      + prefix_list_id        = (known after apply)
      + private_dns_enabled   = (known after apply)
      + requester_managed     = (known after apply)
      + route_table_ids       = (known after apply)
      + security_group_ids    = (known after apply)
      + service_name          = "com.amazonaws.us-east-1.s3"
      + service_region        = (known after apply)
      + state                 = (known after apply)
      + subnet_ids            = (known after apply)
      + tags_all              = {
          + "Managed" = "terraform"
          + "Project" = "rke-on-ec2"
        }
      + vpc_endpoint_type     = "Gateway"
      + vpc_id                = (known after apply)

      + dns_options (known after apply)

      + subnet_configuration (known after apply)
    }

  # aws_vpc_endpoint.ssm[0] will be created
  + resource "aws_vpc_endpoint" "ssm" {
      + arn                   = (known after apply)
      + cidr_blocks           = (known after apply)
      + dns_entry             = (known after apply)
      + id                    = (known after apply)
      + ip_address_type       = (known after apply)
      + network_interface_ids = (known after apply)
      + owner_id              = (known after apply)
      + policy                = (known after apply)
      + prefix_list_id        = (known after apply)
      + private_dns_enabled   = true
      + requester_managed     = (known after apply)
      + route_table_ids       = (known after apply)
      + security_group_ids    = (known after apply)
      + service_name          = "com.amazonaws.us-east-1.ssm"
      + service_region        = (known after apply)
      + state                 = (known after apply)
      + subnet_ids            = (known after apply)
      + tags_all              = {
          + "Managed" = "terraform"
          + "Project" = "rke-on-ec2"
        }
      + vpc_endpoint_type     = "Interface"
      + vpc_id                = (known after apply)

      + dns_options (known after apply)

      + subnet_configuration (known after apply)
    }

  # aws_vpc_endpoint.ssmmessages[0] will be created
  + resource "aws_vpc_endpoint" "ssmmessages" {
      + arn                   = (known after apply)
      + cidr_blocks           = (known after apply)
      + dns_entry             = (known after apply)
      + id                    = (known after apply)
      + ip_address_type       = (known after apply)
      + network_interface_ids = (known after apply)
      + owner_id              = (known after apply)
      + policy                = (known after apply)
      + prefix_list_id        = (known after apply)
      + private_dns_enabled   = true
      + requester_managed     = (known after apply)
      + route_table_ids       = (known after apply)
      + security_group_ids    = (known after apply)
      + service_name          = "com.amazonaws.us-east-1.ssmmessages"
      + service_region        = (known after apply)
      + state                 = (known after apply)
      + subnet_ids            = (known after apply)
      + tags_all              = {
          + "Managed" = "terraform"
          + "Project" = "rke-on-ec2"
        }
      + vpc_endpoint_type     = "Interface"
      + vpc_id                = (known after apply)

      + dns_options (known after apply)

      + subnet_configuration (known after apply)
    }

  # module.vpc.aws_default_network_acl.this[0] will be created
  + resource "aws_default_network_acl" "this" {
      + arn                    = (known after apply)
      + default_network_acl_id = (known after apply)
      + id                     = (known after apply)
      + owner_id               = (known after apply)
      + tags                   = {
          + "Name" = "rke-vpc-default"
        }
      + tags_all               = {
          + "Managed" = "terraform"
          + "Name"    = "rke-vpc-default"
          + "Project" = "rke-on-ec2"
        }
      + vpc_id                 = (known after apply)

      + egress {
          + action          = "allow"
          + from_port       = 0
          + ipv6_cidr_block = "::/0"
          + protocol        = "-1"
          + rule_no         = 101
          + to_port         = 0
            # (1 unchanged attribute hidden)
        }
      + egress {
          + action          = "allow"
          + cidr_block      = "0.0.0.0/0"
          + from_port       = 0
          + protocol        = "-1"
          + rule_no         = 100
          + to_port         = 0
            # (1 unchanged attribute hidden)
        }

      + ingress {
          + action          = "allow"
          + from_port       = 0
          + ipv6_cidr_block = "::/0"
          + protocol        = "-1"
          + rule_no         = 101
          + to_port         = 0
            # (1 unchanged attribute hidden)
        }
      + ingress {
          + action          = "allow"
          + cidr_block      = "0.0.0.0/0"
          + from_port       = 0
          + protocol        = "-1"
          + rule_no         = 100
          + to_port         = 0
            # (1 unchanged attribute hidden)
        }
    }

  # module.vpc.aws_default_route_table.default[0] will be created
  + resource "aws_default_route_table" "default" {
      + arn                    = (known after apply)
      + default_route_table_id = (known after apply)
      + id                     = (known after apply)
      + owner_id               = (known after apply)
      + route                  = (known after apply)
      + tags                   = {
          + "Name" = "rke-vpc-default"
        }
      + tags_all               = {
          + "Managed" = "terraform"
          + "Name"    = "rke-vpc-default"
          + "Project" = "rke-on-ec2"
        }
      + vpc_id                 = (known after apply)

      + timeouts {
          + create = "5m"
          + update = "5m"
        }
    }

  # module.vpc.aws_default_security_group.this[0] will be created
  + resource "aws_default_security_group" "this" {
      + arn                    = (known after apply)
      + description            = (known after apply)
      + egress                 = (known after apply)
      + id                     = (known after apply)
      + ingress                = (known after apply)
      + name                   = (known after apply)
      + name_prefix            = (known after apply)
      + owner_id               = (known after apply)
      + revoke_rules_on_delete = false
      + tags                   = {
          + "Name" = "rke-vpc-default"
        }
      + tags_all               = {
          + "Managed" = "terraform"
          + "Name"    = "rke-vpc-default"
          + "Project" = "rke-on-ec2"
        }
      + vpc_id                 = (known after apply)
    }

  # module.vpc.aws_eip.nat[0] will be created
  + resource "aws_eip" "nat" {
      + allocation_id        = (known after apply)
      + arn                  = (known after apply)
      + association_id       = (known after apply)
      + carrier_ip           = (known after apply)
      + customer_owned_ip    = (known after apply)
      + domain               = "vpc"
      + id                   = (known after apply)
      + instance             = (known after apply)
      + ipam_pool_id         = (known after apply)
      + network_border_group = (known after apply)
      + network_interface    = (known after apply)
      + private_dns          = (known after apply)
      + private_ip           = (known after apply)
      + ptr_record           = (known after apply)
      + public_dns           = (known after apply)
      + public_ip            = (known after apply)
      + public_ipv4_pool     = (known after apply)
      + tags                 = {
          + "Name" = "rke-vpc-us-east-1a"
        }
      + tags_all             = {
          + "Managed" = "terraform"
          + "Name"    = "rke-vpc-us-east-1a"
          + "Project" = "rke-on-ec2"
        }
      + vpc                  = (known after apply)
    }

  # module.vpc.aws_internet_gateway.this[0] will be created
  + resource "aws_internet_gateway" "this" {
      + arn      = (known after apply)
      + id       = (known after apply)
      + owner_id = (known after apply)
      + tags     = {
          + "Name" = "rke-vpc"
        }
      + tags_all = {
          + "Managed" = "terraform"
          + "Name"    = "rke-vpc"
          + "Project" = "rke-on-ec2"
        }
      + vpc_id   = (known after apply)
    }

  # module.vpc.aws_nat_gateway.this[0] will be created
  + resource "aws_nat_gateway" "this" {
      + allocation_id                      = (known after apply)
      + association_id                     = (known after apply)
      + connectivity_type                  = "public"
      + id                                 = (known after apply)
      + network_interface_id               = (known after apply)
      + private_ip                         = (known after apply)
      + public_ip                          = (known after apply)
      + secondary_private_ip_address_count = (known after apply)
      + secondary_private_ip_addresses     = (known after apply)
      + subnet_id                          = (known after apply)
      + tags                               = {
          + "Name" = "rke-vpc-us-east-1a"
        }
      + tags_all                           = {
          + "Managed" = "terraform"
          + "Name"    = "rke-vpc-us-east-1a"
          + "Project" = "rke-on-ec2"
        }
    }

  # module.vpc.aws_route.private_nat_gateway[0] will be created
  + resource "aws_route" "private_nat_gateway" {
      + destination_cidr_block = "0.0.0.0/0"
      + id                     = (known after apply)
      + instance_id            = (known after apply)
      + instance_owner_id      = (known after apply)
      + nat_gateway_id         = (known after apply)
      + network_interface_id   = (known after apply)
      + origin                 = (known after apply)
      + route_table_id         = (known after apply)
      + state                  = (known after apply)

      + timeouts {
          + create = "5m"
        }
    }

  # module.vpc.aws_route.public_internet_gateway[0] will be created
  + resource "aws_route" "public_internet_gateway" {
      + destination_cidr_block = "0.0.0.0/0"
      + gateway_id             = (known after apply)
      + id                     = (known after apply)
      + instance_id            = (known after apply)
      + instance_owner_id      = (known after apply)
      + network_interface_id   = (known after apply)
      + origin                 = (known after apply)
      + route_table_id         = (known after apply)
      + state                  = (known after apply)

      + timeouts {
          + create = "5m"
        }
    }

  # module.vpc.aws_route_table.private[0] will be created
  + resource "aws_route_table" "private" {
      + arn              = (known after apply)
      + id               = (known after apply)
      + owner_id         = (known after apply)
      + propagating_vgws = (known after apply)
      + route            = (known after apply)
      + tags             = {
          + "Name" = "rke-vpc-private"
        }
      + tags_all         = {
          + "Managed" = "terraform"
          + "Name"    = "rke-vpc-private"
          + "Project" = "rke-on-ec2"
        }
      + vpc_id           = (known after apply)
    }

  # module.vpc.aws_route_table.public[0] will be created
  + resource "aws_route_table" "public" {
      + arn              = (known after apply)
      + id               = (known after apply)
      + owner_id         = (known after apply)
      + propagating_vgws = (known after apply)
      + route            = (known after apply)
      + tags             = {
          + "Name" = "rke-vpc-public"
        }
      + tags_all         = {
          + "Managed" = "terraform"
          + "Name"    = "rke-vpc-public"
          + "Project" = "rke-on-ec2"
        }
      + vpc_id           = (known after apply)
    }

  # module.vpc.aws_route_table_association.private[0] will be created
  + resource "aws_route_table_association" "private" {
      + id             = (known after apply)
      + route_table_id = (known after apply)
      + subnet_id      = (known after apply)
    }

  # module.vpc.aws_route_table_association.private[1] will be created
  + resource "aws_route_table_association" "private" {
      + id             = (known after apply)
      + route_table_id = (known after apply)
      + subnet_id      = (known after apply)
    }

  # module.vpc.aws_route_table_association.public[0] will be created
  + resource "aws_route_table_association" "public" {
      + id             = (known after apply)
      + route_table_id = (known after apply)
      + subnet_id      = (known after apply)
    }

  # module.vpc.aws_route_table_association.public[1] will be created
  + resource "aws_route_table_association" "public" {
      + id             = (known after apply)
      + route_table_id = (known after apply)
      + subnet_id      = (known after apply)
    }

  # module.vpc.aws_subnet.private[0] will be created
  + resource "aws_subnet" "private" {
      + arn                                            = (known after apply)
      + assign_ipv6_address_on_creation                = false
      + availability_zone                              = "us-east-1a"
      + availability_zone_id                           = (known after apply)
      + cidr_block                                     = "10.20.10.0/24"
      + enable_dns64                                   = false
      + enable_resource_name_dns_a_record_on_launch    = false
      + enable_resource_name_dns_aaaa_record_on_launch = false
      + id                                             = (known after apply)
      + ipv6_cidr_block_association_id                 = (known after apply)
      + ipv6_native                                    = false
      + map_public_ip_on_launch                        = false
      + owner_id                                       = (known after apply)
      + private_dns_hostname_type_on_launch            = (known after apply)
      + tags                                           = {
          + "Name"                            = "rke-vpc-private-us-east-1a"
          + "kubernetes.io/role/internal-elb" = "1"
        }
      + tags_all                                       = {
          + "Managed"                         = "terraform"
          + "Name"                            = "rke-vpc-private-us-east-1a"
          + "Project"                         = "rke-on-ec2"
          + "kubernetes.io/role/internal-elb" = "1"
        }
      + vpc_id                                         = (known after apply)
    }

  # module.vpc.aws_subnet.private[1] will be created
  + resource "aws_subnet" "private" {
      + arn                                            = (known after apply)
      + assign_ipv6_address_on_creation                = false
      + availability_zone                              = "us-east-1b"
      + availability_zone_id                           = (known after apply)
      + cidr_block                                     = "10.20.11.0/24"
      + enable_dns64                                   = false
      + enable_resource_name_dns_a_record_on_launch    = false
      + enable_resource_name_dns_aaaa_record_on_launch = false
      + id                                             = (known after apply)
      + ipv6_cidr_block_association_id                 = (known after apply)
      + ipv6_native                                    = false
      + map_public_ip_on_launch                        = false
      + owner_id                                       = (known after apply)
      + private_dns_hostname_type_on_launch            = (known after apply)
      + tags                                           = {
          + "Name"                            = "rke-vpc-private-us-east-1b"
          + "kubernetes.io/role/internal-elb" = "1"
        }
      + tags_all                                       = {
          + "Managed"                         = "terraform"
          + "Name"                            = "rke-vpc-private-us-east-1b"
          + "Project"                         = "rke-on-ec2"
          + "kubernetes.io/role/internal-elb" = "1"
        }
      + vpc_id                                         = (known after apply)
    }

  # module.vpc.aws_subnet.public[0] will be created
  + resource "aws_subnet" "public" {
      + arn                                            = (known after apply)
      + assign_ipv6_address_on_creation                = false
      + availability_zone                              = "us-east-1a"
      + availability_zone_id                           = (known after apply)
      + cidr_block                                     = "10.20.0.0/24"
      + enable_dns64                                   = false
      + enable_resource_name_dns_a_record_on_launch    = false
      + enable_resource_name_dns_aaaa_record_on_launch = false
      + id                                             = (known after apply)
      + ipv6_cidr_block_association_id                 = (known after apply)
      + ipv6_native                                    = false
      + map_public_ip_on_launch                        = false
      + owner_id                                       = (known after apply)
      + private_dns_hostname_type_on_launch            = (known after apply)
      + tags                                           = {
          + "Name"                   = "rke-vpc-public-us-east-1a"
          + "kubernetes.io/role/elb" = "1"
        }
      + tags_all                                       = {
          + "Managed"                = "terraform"
          + "Name"                   = "rke-vpc-public-us-east-1a"
          + "Project"                = "rke-on-ec2"
          + "kubernetes.io/role/elb" = "1"
        }
      + vpc_id                                         = (known after apply)
    }

  # module.vpc.aws_subnet.public[1] will be created
  + resource "aws_subnet" "public" {
      + arn                                            = (known after apply)
      + assign_ipv6_address_on_creation                = false
      + availability_zone                              = "us-east-1b"
      + availability_zone_id                           = (known after apply)
      + cidr_block                                     = "10.20.1.0/24"
      + enable_dns64                                   = false
      + enable_resource_name_dns_a_record_on_launch    = false
      + enable_resource_name_dns_aaaa_record_on_launch = false
      + id                                             = (known after apply)
      + ipv6_cidr_block_association_id                 = (known after apply)
      + ipv6_native                                    = false
      + map_public_ip_on_launch                        = false
      + owner_id                                       = (known after apply)
      + private_dns_hostname_type_on_launch            = (known after apply)
      + tags                                           = {
          + "Name"                   = "rke-vpc-public-us-east-1b"
          + "kubernetes.io/role/elb" = "1"
        }
      + tags_all                                       = {
          + "Managed"                = "terraform"
          + "Name"                   = "rke-vpc-public-us-east-1b"
          + "Project"                = "rke-on-ec2"
          + "kubernetes.io/role/elb" = "1"
        }
      + vpc_id                                         = (known after apply)
    }

  # module.vpc.aws_vpc.this[0] will be created
  + resource "aws_vpc" "this" {
      + arn                                  = (known after apply)
      + cidr_block                           = "10.20.0.0/16"
      + default_network_acl_id               = (known after apply)
      + default_route_table_id               = (known after apply)
      + default_security_group_id            = (known after apply)
      + dhcp_options_id                      = (known after apply)
      + enable_dns_hostnames                 = true
      + enable_dns_support                   = true
      + enable_network_address_usage_metrics = (known after apply)
      + id                                   = (known after apply)
      + instance_tenancy                     = "default"
      + ipv6_association_id                  = (known after apply)
      + ipv6_cidr_block                      = (known after apply)
      + ipv6_cidr_block_network_border_group = (known after apply)
      + main_route_table_id                  = (known after apply)
      + owner_id                             = (known after apply)
      + tags                                 = {
          + "Name" = "rke-vpc"
        }
      + tags_all                             = {
          + "Managed" = "terraform"
          + "Name"    = "rke-vpc"
          + "Project" = "rke-on-ec2"
        }
    }

Plan: 43 to add, 0 to change, 0 to destroy.

Changes to Outputs:
  + control_plane_private_ips = [
      + (known after apply),
    ]
  + ops_instance_id           = (known after apply)
  + private_subnet_ids        = [
      + (known after apply),
      + (known after apply),
    ]
  + vpc_id                    = (known after apply)
  + worker_asg_name           = "rke-workers"
