data.aws_region.current: Reading...
data.aws_vpc.default: Reading...
data.aws_caller_identity.current: Reading...
data.aws_region.current: Read complete after 0s [id=us-east-1]
data.aws_caller_identity.current: Read complete after 0s [id=000000000000]
data.aws_vpc.default: Read complete after 0s [id=vpc-7138ee25f046d3e5d]
data.aws_subnets.default: Reading...
data.aws_subnets.default: Read complete after 0s [id=us-east-1]

Terraform used the selected providers to generate the following execution
plan. Resource actions are indicated with the following symbols:
  + create

Terraform will perform the following actions:

  # aws_ecr_repository.app_repo will be created
  + resource "aws_ecr_repository" "app_repo" {
      + arn                  = (known after apply)
      + id                   = (known after apply)
      + image_tag_mutability = "MUTABLE"
      + name                 = "btry-indi-repo"
      + region               = "us-east-1"
      + registry_id          = (known after apply)
      + repository_url       = (known after apply)
      + tags_all             = (known after apply)
    }

  # aws_ecs_cluster.app_cluster will be created
  + resource "aws_ecs_cluster" "app_cluster" {
      + arn      = (known after apply)
      + id       = (known after apply)
      + name     = "btry-indi-cluster"
      + region   = "us-east-1"
      + tags_all = (known after apply)

      + setting (known after apply)
    }

  # aws_ecs_service.app_service will be created
  + resource "aws_ecs_service" "app_service" {
      + arn                                = (known after apply)
      + availability_zone_rebalancing      = (known after apply)
      + cluster                            = (known after apply)
      + deployment_maximum_percent         = 200
      + deployment_minimum_healthy_percent = 100
      + desired_count                      = 1
      + enable_ecs_managed_tags            = false
      + enable_execute_command             = false
      + iam_role                           = (known after apply)
      + id                                 = (known after apply)
      + launch_type                        = "FARGATE"
      + name                               = "btry-indi-service"
      + platform_version                   = (known after apply)
      + region                             = "us-east-1"
      + scheduling_strategy                = "REPLICA"
      + tags_all                           = (known after apply)
      + task_definition                    = (known after apply)
      + triggers                           = (known after apply)
      + wait_for_steady_state              = false

      + deployment_configuration (known after apply)

      + load_balancer {
          + container_name   = "btry-indi"
          + container_port   = 80
          + target_group_arn = (known after apply)
            # (1 unchanged attribute hidden)
        }

      + network_configuration {
          + assign_public_ip = true
          + security_groups  = (known after apply)
          + subnets          = [
              + "subnet-3c85adfa101a604ba",
              + "subnet-50c498306bb7c8653",
              + "subnet-5b5887cceac03de67",
              + "subnet-866cc20b8312571f2",
              + "subnet-a83f8aef04ba3ed08",
              + "subnet-d5b95af158381453a",
            ]
        }
    }

  # aws_ecs_task_definition.app_task will be created
  + resource "aws_ecs_task_definition" "app_task" {
      + arn                      = (known after apply)
      + arn_without_revision     = (known after apply)
      + container_definitions    = (known after apply)
      + cpu                      = "256"
      + enable_fault_injection   = (known after apply)
      + execution_role_arn       = (known after apply)
      + family                   = "btry-indi"
      + id                       = (known after apply)
      + memory                   = "512"
      + network_mode             = "awsvpc"
      + region                   = "us-east-1"
      + requires_compatibilities = [
          + "FARGATE",
        ]
      + revision                 = (known after apply)
      + skip_destroy             = false
      + tags_all                 = (known after apply)
      + track_latest             = false
    }

  # aws_iam_role.ecs_task_execution_role will be created
  + resource "aws_iam_role" "ecs_task_execution_role" {
      + arn                   = (known after apply)
      + assume_role_policy    = jsonencode(
            {
              + Statement = [
                  + {
                      + Action    = "sts:AssumeRole"
                      + Effect    = "Allow"
                      + Principal = {
                          + Service = "ecs-tasks.amazonaws.com"
                        }
                    },
                ]
              + Version   = "2012-10-17"
            }
        )
      + create_date           = (known after apply)
      + force_detach_policies = false
      + id                    = (known after apply)
      + managed_policy_arns   = (known after apply)
      + max_session_duration  = 3600
      + name                  = "btry-indi-ecsTaskExecutionRole"
      + name_prefix           = (known after apply)
      + path                  = "/"
      + tags_all              = (known after apply)
      + unique_id             = (known after apply)

      + inline_policy (known after apply)
    }

  # aws_iam_role_policy_attachment.ecs_task_execution_role_policy will be created
  + resource "aws_iam_role_policy_attachment" "ecs_task_execution_role_policy" {
      + id         = (known after apply)
      + policy_arn = "arn:aws:iam::aws:policy/service-role/AmazonECSTaskExecutionRolePolicy"
      + role       = "btry-indi-ecsTaskExecutionRole"
    }

  # aws_lb.app_alb will be created
  + resource "aws_lb" "app_alb" {
      + arn                                                          = (known after apply)
      + arn_suffix                                                   = (known after apply)
      + client_keep_alive                                            = 3600
      + desync_mitigation_mode                                       = "defensive"
      + dns_name                                                     = (known after apply)
      + drop_invalid_header_fields                                   = false
      + enable_deletion_protection                                   = false
      + enable_http2                                                 = true
      + enable_tls_version_and_cipher_suite_headers                  = false
      + enable_waf_fail_open                                         = false
      + enable_xff_client_port                                       = false
      + enable_zonal_shift                                           = false
      + enforce_security_group_inbound_rules_on_private_link_traffic = (known after apply)
      + id                                                           = (known after apply)
      + idle_timeout                                                 = 60
      + internal                                                     = false
      + ip_address_type                                              = (known after apply)
      + load_balancer_type                                           = "application"
      + name                                                         = "btry-indi-alb"
      + name_prefix                                                  = (known after apply)
      + preserve_host_header                                         = false
      + region                                                       = "us-east-1"
      + secondary_ips_auto_assigned_per_subnet                       = (known after apply)
      + security_groups                                              = (known after apply)
      + subnets                                                      = [
          + "subnet-3c85adfa101a604ba",
          + "subnet-50c498306bb7c8653",
          + "subnet-5b5887cceac03de67",
          + "subnet-866cc20b8312571f2",
          + "subnet-a83f8aef04ba3ed08",
          + "subnet-d5b95af158381453a",
        ]
      + tags_all                                                     = (known after apply)
      + vpc_id                                                       = (known after apply)
      + xff_header_processing_mode                                   = "append"
      + zone_id                                                      = (known after apply)

      + subnet_mapping (known after apply)
    }

  # aws_lb_listener.app_listener will be created
  + resource "aws_lb_listener" "app_listener" {
      + arn                                                                   = (known after apply)
      + id                                                                    = (known after apply)
      + load_balancer_arn                                                     = (known after apply)
      + port                                                                  = 80
      + protocol                                                              = "HTTP"
      + region                                                                = "us-east-1"
      + routing_http_request_x_amzn_mtls_clientcert_header_name               = (known after apply)
      + routing_http_request_x_amzn_mtls_clientcert_issuer_header_name        = (known after apply)
      + routing_http_request_x_amzn_mtls_clientcert_leaf_header_name          = (known after apply)
      + routing_http_request_x_amzn_mtls_clientcert_serial_number_header_name = (known after apply)
      + routing_http_request_x_amzn_mtls_clientcert_subject_header_name       = (known after apply)
      + routing_http_request_x_amzn_mtls_clientcert_validity_header_name      = (known after apply)
      + routing_http_request_x_amzn_tls_cipher_suite_header_name              = (known after apply)
      + routing_http_request_x_amzn_tls_version_header_name                   = (known after apply)
      + routing_http_response_access_control_allow_credentials_header_value   = (known after apply)
      + routing_http_response_access_control_allow_headers_header_value       = (known after apply)
      + routing_http_response_access_control_allow_methods_header_value       = (known after apply)
      + routing_http_response_access_control_allow_origin_header_value        = (known after apply)
      + routing_http_response_access_control_expose_headers_header_value      = (known after apply)
      + routing_http_response_access_control_max_age_header_value             = (known after apply)
      + routing_http_response_content_security_policy_header_value            = (known after apply)
      + routing_http_response_server_enabled                                  = (known after apply)
      + routing_http_response_strict_transport_security_header_value          = (known after apply)
      + routing_http_response_x_content_type_options_header_value             = (known after apply)
      + routing_http_response_x_frame_options_header_value                    = (known after apply)
      + ssl_policy                                                            = (known after apply)
      + tags_all                                                              = (known after apply)
      + tcp_idle_timeout_seconds                                              = (known after apply)

      + default_action {
          + order            = (known after apply)
          + target_group_arn = (known after apply)
          + type             = "forward"
        }

      + mutual_authentication (known after apply)
    }

  # aws_lb_target_group.app_tg will be created
  + resource "aws_lb_target_group" "app_tg" {
      + arn                                = (known after apply)
      + arn_suffix                         = (known after apply)
      + connection_termination             = (known after apply)
      + deregistration_delay               = "300"
      + id                                 = (known after apply)
      + ip_address_type                    = (known after apply)
      + lambda_multi_value_headers_enabled = false
      + load_balancer_arns                 = (known after apply)
      + load_balancing_algorithm_type      = (known after apply)
      + load_balancing_anomaly_mitigation  = (known after apply)
      + load_balancing_cross_zone_enabled  = (known after apply)
      + name                               = "btry-indi-tg"
      + name_prefix                        = (known after apply)
      + port                               = 80
      + preserve_client_ip                 = (known after apply)
      + protocol                           = "HTTP"
      + protocol_version                   = (known after apply)
      + proxy_protocol_v2                  = false
      + region                             = "us-east-1"
      + slow_start                         = 0
      + tags_all                           = (known after apply)
      + target_type                        = "instance"
      + vpc_id                             = "vpc-7138ee25f046d3e5d"

      + health_check {
          + enabled             = true
          + healthy_threshold   = 2
          + interval            = 30
          + matcher             = "200-399"
          + path                = "/"
          + port                = "traffic-port"
          + protocol            = "HTTP"
          + timeout             = 5
          + unhealthy_threshold = 2
        }

      + stickiness (known after apply)

      + target_failover (known after apply)

      + target_group_health (known after apply)

      + target_health_state (known after apply)
    }

  # aws_s3_bucket.static_assets will be created
  + resource "aws_s3_bucket" "static_assets" {
      + acceleration_status         = (known after apply)
      + acl                         = (known after apply)
      + arn                         = (known after apply)
      + bucket                      = "btry-indi-static-assets-000000000000"
      + bucket_domain_name          = (known after apply)
      + bucket_prefix               = (known after apply)
      + bucket_region               = (known after apply)
      + bucket_regional_domain_name = (known after apply)
      + force_destroy               = true
      + hosted_zone_id              = (known after apply)
      + id                          = (known after apply)
      + object_lock_enabled         = (known after apply)
      + policy                      = (known after apply)
      + region                      = "us-east-1"
      + request_payer               = (known after apply)
      + tags                        = {
          + "Environment" = "dev"
          + "Name"        = "btry-indi-static-assets"
        }
      + tags_all                    = {
          + "Environment" = "dev"
          + "Name"        = "btry-indi-static-assets"
        }
      + website_domain              = (known after apply)
      + website_endpoint            = (known after apply)

      + cors_rule (known after apply)

      + grant (known after apply)

      + lifecycle_rule (known after apply)

      + logging (known after apply)

      + object_lock_configuration (known after apply)

      + replication_configuration (known after apply)

      + server_side_encryption_configuration (known after apply)

      + versioning (known after apply)

      + website (known after apply)
    }

  # aws_security_group.alb_sg will be created
  + resource "aws_security_group" "alb_sg" {
      + arn                    = (known after apply)
      + description            = "Allow HTTP inbound traffic"
      + egress                 = [
          + {
              + cidr_blocks      = [
                  + "0.0.0.0/0",
                ]
              + from_port        = 0
              + ipv6_cidr_blocks = []
              + prefix_list_ids  = []
              + protocol         = "-1"
              + security_groups  = []
              + self             = false
              + to_port          = 0
                # (1 unchanged attribute hidden)
            },
        ]
      + id                     = (known after apply)
      + ingress                = [
          + {
              + cidr_blocks      = [
                  + "0.0.0.0/0",
                ]
              + from_port        = 80
              + ipv6_cidr_blocks = []
              + prefix_list_ids  = []
              + protocol         = "tcp"
              + security_groups  = []
              + self             = false
              + to_port          = 80
                # (1 unchanged attribute hidden)
            },
        ]
      + name                   = "btry-indi-alb-sg"
      + name_prefix            = (known after apply)
      + owner_id               = (known after apply)
      + region                 = "us-east-1"
      + revoke_rules_on_delete = false
      + tags_all               = (known after apply)
      + vpc_id                 = "vpc-7138ee25f046d3e5d"
    }

Plan: 11 to add, 0 to change, 0 to destroy.

Changes to Outputs:
  + alb_dns_name     = (known after apply)
  + ecs_service_name = "btry-indi-service"
  + s3_bucket_name   = "btry-indi-static-assets-000000000000"
aws_iam_role.ecs_task_execution_role: Creating...
aws_ecs_cluster.app_cluster: Creating...
aws_ecr_repository.app_repo: Creating...
aws_security_group.alb_sg: Creating...
aws_lb_target_group.app_tg: Creating...
aws_s3_bucket.static_assets: Creating...
aws_security_group.alb_sg: Creation complete after 0s [id=sg-172150d227736015d]
aws_lb.app_alb: Creating...
aws_iam_role.ecs_task_execution_role: Creation complete after 0s [id=btry-indi-ecsTaskExecutionRole]
aws_iam_role_policy_attachment.ecs_task_execution_role_policy: Creating...
aws_iam_role_policy_attachment.ecs_task_execution_role_policy: Creation complete after 0s [id=btry-indi-ecsTaskExecutionRole/arn:aws:iam::aws:policy/service-role/AmazonECSTaskExecutionRolePolicy]
aws_lb_target_group.app_tg: Creation complete after 0s [id=arn:aws:elasticloadbalancing:us-east-1:000000000000:targetgroup/btry-indi-tg/b0b28d0c826c091f]
aws_ecr_repository.app_repo: Creation complete after 2s [id=btry-indi-repo]
aws_ecs_task_definition.app_task: Creating...
aws_ecs_task_definition.app_task: Creation complete after 0s [id=btry-indi]
aws_ecs_cluster.app_cluster: Still creating... [00m10s elapsed]
aws_s3_bucket.static_assets: Still creating... [00m10s elapsed]
aws_lb.app_alb: Still creating... [00m10s elapsed]
aws_ecs_cluster.app_cluster: Creation complete after 10s [id=arn:aws:ecs:us-east-1:000000000000:cluster/btry-indi-cluster]
aws_s3_bucket.static_assets: Still creating... [00m20s elapsed]
aws_lb.app_alb: Still creating... [00m20s elapsed]
aws_s3_bucket.static_assets: Still creating... [00m30s elapsed]
aws_lb.app_alb: Still creating... [00m30s elapsed]
aws_s3_bucket.static_assets: Still creating... [00m40s elapsed]
aws_s3_bucket.static_assets: Still creating... [00m50s elapsed]
aws_s3_bucket.static_assets: Still creating... [01m00s elapsed]
aws_s3_bucket.static_assets: Still creating... [01m10s elapsed]
aws_s3_bucket.static_assets: Still creating... [01m20s elapsed]
aws_s3_bucket.static_assets: Still creating... [01m30s elapsed]
aws_s3_bucket.static_assets: Still creating... [01m40s elapsed]
aws_s3_bucket.static_assets: Still creating... [01m50s elapsed]
aws_s3_bucket.static_assets: Still creating... [02m00s elapsed]
aws_s3_bucket.static_assets: Still creating... [02m10s elapsed]
aws_s3_bucket.static_assets: Still creating... [02m20s elapsed]
aws_s3_bucket.static_assets: Still creating... [02m30s elapsed]
aws_s3_bucket.static_assets: Still creating... [02m40s elapsed]
aws_s3_bucket.static_assets: Still creating... [02m50s elapsed]
aws_s3_bucket.static_assets: Still creating... [03m00s elapsed]
aws_s3_bucket.static_assets: Still creating... [03m10s elapsed]
aws_s3_bucket.static_assets: Still creating... [03m20s elapsed]
aws_s3_bucket.static_assets: Still creating... [03m30s elapsed]
aws_s3_bucket.static_assets: Still creating... [03m40s elapsed]
aws_s3_bucket.static_assets: Still creating... [03m50s elapsed]
aws_s3_bucket.static_assets: Still creating... [04m00s elapsed]
aws_s3_bucket.static_assets: Still creating... [04m10s elapsed]
aws_s3_bucket.static_assets: Still creating... [04m20s elapsed]
aws_s3_bucket.static_assets: Still creating... [04m30s elapsed]
aws_s3_bucket.static_assets: Still creating... [04m40s elapsed]
aws_s3_bucket.static_assets: Still creating... [04m50s elapsed]
aws_s3_bucket.static_assets: Still creating... [05m00s elapsed]
aws_s3_bucket.static_assets: Still creating... [05m10s elapsed]
aws_s3_bucket.static_assets: Still creating... [05m20s elapsed]
aws_s3_bucket.static_assets: Still creating... [05m30s elapsed]
aws_s3_bucket.static_assets: Still creating... [05m40s elapsed]
aws_s3_bucket.static_assets: Still creating... [05m50s elapsed]
aws_s3_bucket.static_assets: Still creating... [06m00s elapsed]
aws_s3_bucket.static_assets: Still creating... [06m10s elapsed]
aws_s3_bucket.static_assets: Still creating... [06m20s elapsed]
aws_s3_bucket.static_assets: Still creating... [06m30s elapsed]
aws_s3_bucket.static_assets: Still creating... [06m40s elapsed]
aws_s3_bucket.static_assets: Still creating... [06m50s elapsed]
aws_s3_bucket.static_assets: Still creating... [07m00s elapsed]
aws_s3_bucket.static_assets: Still creating... [07m10s elapsed]
aws_s3_bucket.static_assets: Still creating... [07m20s elapsed]
aws_s3_bucket.static_assets: Still creating... [07m30s elapsed]
aws_s3_bucket.static_assets: Still creating... [07m40s elapsed]
aws_s3_bucket.static_assets: Still creating... [07m50s elapsed]
aws_s3_bucket.static_assets: Still creating... [08m00s elapsed]
aws_s3_bucket.static_assets: Still creating... [08m10s elapsed]
aws_s3_bucket.static_assets: Still creating... [08m20s elapsed]
aws_s3_bucket.static_assets: Still creating... [08m30s elapsed]
aws_s3_bucket.static_assets: Still creating... [08m40s elapsed]
aws_s3_bucket.static_assets: Still creating... [08m50s elapsed]
aws_s3_bucket.static_assets: Still creating... [09m00s elapsed]
aws_s3_bucket.static_assets: Still creating... [09m10s elapsed]
aws_s3_bucket.static_assets: Still creating... [09m20s elapsed]
aws_s3_bucket.static_assets: Still creating... [09m30s elapsed]
aws_s3_bucket.static_assets: Still creating... [09m40s elapsed]
aws_s3_bucket.static_assets: Still creating... [09m50s elapsed]
aws_s3_bucket.static_assets: Still creating... [10m00s elapsed]
aws_s3_bucket.static_assets: Still creating... [10m10s elapsed]
aws_s3_bucket.static_assets: Still creating... [10m20s elapsed]
aws_s3_bucket.static_assets: Still creating... [10m30s elapsed]
aws_s3_bucket.static_assets: Still creating... [10m40s elapsed]
aws_s3_bucket.static_assets: Still creating... [10m50s elapsed]
aws_s3_bucket.static_assets: Still creating... [11m00s elapsed]
aws_s3_bucket.static_assets: Still creating... [11m10s elapsed]
aws_s3_bucket.static_assets: Still creating... [11m20s elapsed]
aws_s3_bucket.static_assets: Still creating... [11m30s elapsed]
aws_s3_bucket.static_assets: Still creating... [11m40s elapsed]
aws_s3_bucket.static_assets: Still creating... [11m50s elapsed]
aws_s3_bucket.static_assets: Still creating... [12m00s elapsed]
aws_s3_bucket.static_assets: Still creating... [12m10s elapsed]
aws_s3_bucket.static_assets: Still creating... [12m20s elapsed]
aws_s3_bucket.static_assets: Still creating... [12m30s elapsed]
aws_s3_bucket.static_assets: Still creating... [12m40s elapsed]
aws_s3_bucket.static_assets: Still creating... [12m50s elapsed]
aws_s3_bucket.static_assets: Still creating... [13m00s elapsed]
aws_s3_bucket.static_assets: Still creating... [13m10s elapsed]
aws_s3_bucket.static_assets: Still creating... [13m20s elapsed]
aws_s3_bucket.static_assets: Still creating... [13m30s elapsed]
aws_s3_bucket.static_assets: Still creating... [13m40s elapsed]
aws_s3_bucket.static_assets: Still creating... [13m50s elapsed]
aws_s3_bucket.static_assets: Still creating... [14m00s elapsed]
aws_s3_bucket.static_assets: Still creating... [14m10s elapsed]
aws_s3_bucket.static_assets: Still creating... [14m20s elapsed]
aws_s3_bucket.static_assets: Still creating... [14m30s elapsed]
aws_s3_bucket.static_assets: Still creating... [14m40s elapsed]
aws_s3_bucket.static_assets: Still creating... [14m50s elapsed]
aws_s3_bucket.static_assets: Still creating... [15m00s elapsed]
aws_s3_bucket.static_assets: Still creating... [15m10s elapsed]
aws_s3_bucket.static_assets: Still creating... [15m20s elapsed]
aws_s3_bucket.static_assets: Still creating... [15m30s elapsed]
aws_s3_bucket.static_assets: Still creating... [15m40s elapsed]
aws_s3_bucket.static_assets: Still creating... [15m50s elapsed]
aws_s3_bucket.static_assets: Still creating... [16m00s elapsed]
aws_s3_bucket.static_assets: Still creating... [16m10s elapsed]
aws_s3_bucket.static_assets: Still creating... [16m20s elapsed]
aws_s3_bucket.static_assets: Still creating... [16m30s elapsed]
aws_s3_bucket.static_assets: Still creating... [16m40s elapsed]
aws_s3_bucket.static_assets: Still creating... [16m50s elapsed]
aws_s3_bucket.static_assets: Still creating... [17m00s elapsed]
aws_s3_bucket.static_assets: Still creating... [17m10s elapsed]
aws_s3_bucket.static_assets: Still creating... [17m20s elapsed]
aws_s3_bucket.static_assets: Still creating... [17m30s elapsed]
aws_s3_bucket.static_assets: Still creating... [17m40s elapsed]
aws_s3_bucket.static_assets: Still creating... [17m50s elapsed]
aws_s3_bucket.static_assets: Still creating... [18m00s elapsed]
aws_s3_bucket.static_assets: Still creating... [18m10s elapsed]
aws_s3_bucket.static_assets: Still creating... [18m20s elapsed]
aws_s3_bucket.static_assets: Still creating... [18m30s elapsed]
aws_s3_bucket.static_assets: Still creating... [18m40s elapsed]
aws_s3_bucket.static_assets: Still creating... [18m50s elapsed]
aws_s3_bucket.static_assets: Still creating... [19m00s elapsed]
aws_s3_bucket.static_assets: Still creating... [19m10s elapsed]
aws_s3_bucket.static_assets: Still creating... [19m20s elapsed]
aws_s3_bucket.static_assets: Still creating... [19m30s elapsed]
aws_s3_bucket.static_assets: Still creating... [19m40s elapsed]
aws_s3_bucket.static_assets: Still creating... [19m50s elapsed]
aws_s3_bucket.static_assets: Still creating... [20m00s elapsed]
aws_s3_bucket.static_assets: Still creating... [20m10s elapsed]
aws_s3_bucket.static_assets: Still creating... [20m20s elapsed]
aws_s3_bucket.static_assets: Still creating... [20m30s elapsed]
aws_s3_bucket.static_assets: Still creating... [20m40s elapsed]
aws_s3_bucket.static_assets: Still creating... [20m50s elapsed]
aws_s3_bucket.static_assets: Still creating... [21m00s elapsed]
aws_s3_bucket.static_assets: Still creating... [21m10s elapsed]
aws_s3_bucket.static_assets: Still creating... [21m20s elapsed]
aws_s3_bucket.static_assets: Still creating... [21m30s elapsed]
aws_s3_bucket.static_assets: Still creating... [21m40s elapsed]
aws_s3_bucket.static_assets: Still creating... [21m50s elapsed]
aws_s3_bucket.static_assets: Still creating... [22m00s elapsed]
aws_s3_bucket.static_assets: Still creating... [22m10s elapsed]
aws_s3_bucket.static_assets: Still creating... [22m20s elapsed]
