{"format_version":"1.2","terraform_version":"1.13.5","variables":{"app_name":{"value":"express-app"},"aws_region":{"value":"us-east-1"},"environment":{"value":"dev"}},"planned_values":{"outputs":{"beanstalk_app_name":{"sensitive":false,"type":"string","value":"express-app"},"beanstalk_env_url":{"sensitive":false},"s3_logs_bucket":{"sensitive":false}},"root_module":{"resources":[{"address":"aws_elastic_beanstalk_application.app","mode":"managed","type":"aws_elastic_beanstalk_application","name":"app","provider_name":"registry.terraform.io/hashicorp/aws","schema_version":0,"values":{"appversion_lifecycle":[],"description":"Elastic Beanstalk Application for Express Node.js app","name":"express-app","region":"us-east-1","tags":null},"sensitive_values":{"appversion_lifecycle":[],"tags_all":{}}},{"address":"aws_elastic_beanstalk_environment.env","mode":"managed","type":"aws_elastic_beanstalk_environment","name":"env","provider_name":"registry.terraform.io/hashicorp/aws","schema_version":1,"values":{"application":"express-app","description":null,"name":"express-app-dev","poll_interval":null,"region":"us-east-1","setting":[{"name":"Application Healthcheck URL","namespace":"aws:elasticbeanstalk:application","resource":"","value":"/"},{"name":"EnvironmentType","namespace":"aws:elasticbeanstalk:environment","resource":"","value":"LoadBalanced"},{"name":"IamInstanceProfile","namespace":"aws:autoscaling:launchconfiguration","resource":"","value":"express-app-eb-ec2-instance-profile"},{"name":"LoadBalancerSecurityGroups","namespace":"aws:elasticbeanstalk:environment","resource":""},{"name":"LoadBalancerType","namespace":"aws:elasticbeanstalk:environment","resource":"","value":"application"},{"name":"NODE_ENV","namespace":"aws:elasticbeanstalk:application:environment","resource":"","value":"dev"},{"name":"RetentionInDays","namespace":"aws:elasticbeanstalk:cloudwatch:logs","resource":"","value":"14"},{"name":"SecurityGroups","namespace":"aws:autoscaling:launchconfiguration","resource":""},{"name":"ServiceRole","namespace":"aws:elasticbeanstalk:environment","resource":""},{"name":"StreamLogs","namespace":"aws:elasticbeanstalk:cloudwatch:logs","resource":"","value":"true"},{"name":"Subnets","namespace":"aws:ec2:vpc","resource":""},{"name":"VPCId","namespace":"aws:ec2:vpc","resource":""}],"solution_stack_name":"64bit Amazon Linux 2 v5.8.4 running Node.js 18","tags":null,"template_name":null,"tier":"WebServer","wait_for_ready_timeout":"20m"},"sensitive_values":{"all_settings":[],"autoscaling_groups":[],"instances":[],"launch_configurations":[],"load_balancers":[],"queues":[],"setting":[{},{},{},{},{},{},{},{},{},{},{},{}],"tags_all":{},"triggers":[]}},{"address":"aws_iam_instance_profile.eb_ec2_instance_profile","mode":"managed","type":"aws_iam_instance_profile","name":"eb_ec2_instance_profile","provider_name":"registry.terraform.io/hashicorp/aws","schema_version":0,"values":{"name":"express-app-eb-ec2-instance-profile","path":"/","role":"express-app-eb-ec2-role","tags":null},"sensitive_values":{"tags_all":{}}},{"address":"aws_iam_role.eb_ec2_role","mode":"managed","type":"aws_iam_role","name":"eb_ec2_role","provider_name":"registry.terraform.io/hashicorp/aws","schema_version":0,"values":{"assume_role_policy":"{\"Statement\":[{\"Action\":\"sts:AssumeRole\",\"Effect\":\"Allow\",\"Principal\":{\"Service\":\"ec2.amazonaws.com\"}}],\"Version\":\"2012-10-17\"}","description":null,"force_detach_policies":false,"max_session_duration":3600,"name":"express-app-eb-ec2-role","path":"/","permissions_boundary":null,"tags":null},"sensitive_values":{"inline_policy":[],"managed_policy_arns":[],"tags_all":{}},"identity_schema_version":0,"identity":{"account_id":null,"name":null}},{"address":"aws_iam_role.eb_service_role","mode":"managed","type":"aws_iam_role","name":"eb_service_role","provider_name":"registry.terraform.io/hashicorp/aws","schema_version":0,"values":{"assume_role_policy":"{\"Statement\":[{\"Action\":\"sts:AssumeRole\",\"Effect\":\"Allow\",\"Principal\":{\"Service\":\"elasticbeanstalk.amazonaws.com\"}}],\"Version\":\"2012-10-17\"}","description":null,"force_detach_policies":false,"max_session_duration":3600,"name":"express-app-eb-service-role","path":"/","permissions_boundary":null,"tags":null},"sensitive_values":{"inline_policy":[],"managed_policy_arns":[],"tags_all":{}},"identity_schema_version":0,"identity":{"account_id":null,"name":null}},{"address":"aws_iam_role_policy_attachment.eb_ec2_role_managed","mode":"managed","type":"aws_iam_role_policy_attachment","name":"eb_ec2_role_managed","provider_name":"registry.terraform.io/hashicorp/aws","schema_version":0,"values":{"policy_arn":"arn:aws:iam::aws:policy/AWSElasticBeanstalkWebTier","role":"express-app-eb-ec2-role"},"sensitive_values":{},"identity_schema_version":0,"identity":{"account_id":null,"policy_arn":null,"role":null}},{"address":"aws_iam_role_policy_attachment.eb_service_role_managed","mode":"managed","type":"aws_iam_role_policy_attachment","name":"eb_service_role_managed","provider_name":"registry.terraform.io/hashicorp/aws","schema_version":0,"values":{"policy_arn":"arn:aws:iam::aws:policy/service-role/AWSElasticBeanstalkEnhancedHealth","role":"express-app-eb-service-role"},"sensitive_values":{},"identity_schema_version":0,"identity":{"account_id":null,"policy_arn":null,"role":null}},{"address":"aws_internet_gateway.main","mode":"managed","type":"aws_internet_gateway","name":"main","provider_name":"registry.terraform.io/hashicorp/aws","schema_version":0,"values":{"region":"us-east-1","tags":{"Name":"express-app-igw"},"tags_all":{"Name":"express-app-igw"},"timeouts":null},"sensitive_values":{"tags":{},"tags_all":{}}},{"address":"aws_route.public_internet_access","mode":"managed","type":"aws_route","name":"public_internet_access","provider_name":"registry.terraform.io/hashicorp/aws","schema_version":0,"values":{"carrier_gateway_id":null,"core_network_arn":null,"destination_cidr_block":"0.0.0.0/0","destination_ipv6_cidr_block":null,"destination_prefix_list_id":null,"egress_only_gateway_id":null,"local_gateway_id":null,"nat_gateway_id":null,"region":"us-east-1","timeouts":null,"transit_gateway_id":null,"vpc_endpoint_id":null,"vpc_peering_connection_id":null},"sensitive_values":{},"identity_schema_version":0,"identity":{"account_id":null,"destination_cidr_block":null,"destination_ipv6_cidr_block":null,"destination_prefix_list_id":null,"region":null,"route_table_id":null}},{"address":"aws_route_table.public","mode":"managed","type":"aws_route_table","name":"public","provider_name":"registry.terraform.io/hashicorp/aws","schema_version":0,"values":{"region":"us-east-1","tags":{"Name":"express-app-public-rt"},"tags_all":{"Name":"express-app-public-rt"},"timeouts":null},"sensitive_values":{"propagating_vgws":[],"route":[],"tags":{},"tags_all":{}},"identity_schema_version":0,"identity":{"account_id":null,"id":null,"region":null}},{"address":"aws_route_table_association.public_a","mode":"managed","type":"aws_route_table_association","name":"public_a","provider_name":"registry.terraform.io/hashicorp/aws","schema_version":0,"values":{"gateway_id":null,"region":"us-east-1","timeouts":null},"sensitive_values":{}},{"address":"aws_route_table_association.public_b","mode":"managed","type":"aws_route_table_association","name":"public_b","provider_name":"registry.terraform.io/hashicorp/aws","schema_version":0,"values":{"gateway_id":null,"region":"us-east-1","timeouts":null},"sensitive_values":{}},{"address":"aws_s3_bucket.logs","mode":"managed","type":"aws_s3_bucket","name":"logs","provider_name":"registry.terraform.io/hashicorp/aws","schema_version":0,"values":{"force_destroy":true,"region":"us-east-1","tags":{"Name":"express-app-logs"},"tags_all":{"Name":"express-app-logs"},"timeouts":null},"sensitive_values":{"cors_rule":[],"grant":[],"lifecycle_rule":[],"logging":[],"object_lock_configuration":[],"replication_configuration":[],"server_side_encryption_configuration":[],"tags":{},"tags_all":{},"versioning":[],"website":[]},"identity_schema_version":0,"identity":{"account_id":null,"bucket":null,"region":null}},{"address":"aws_s3_bucket_public_access_block.logs","mode":"managed","type":"aws_s3_bucket_public_access_block","name":"logs","provider_name":"registry.terraform.io/hashicorp/aws","schema_version":0,"values":{"block_public_acls":true,"block_public_policy":true,"ignore_public_acls":true,"region":"us-east-1","restrict_public_buckets":true,"skip_destroy":null},"sensitive_values":{},"identity_schema_version":0,"identity":{"account_id":null,"bucket":null,"region":null}},{"address":"aws_s3_bucket_server_side_encryption_configuration.logs","mode":"managed","type":"aws_s3_bucket_server_side_encryption_configuration","name":"logs","provider_name":"registry.terraform.io/hashicorp/aws","schema_version":0,"values":{"expected_bucket_owner":null,"region":"us-east-1","rule":[{"apply_server_side_encryption_by_default":[{"kms_master_key_id":"","sse_algorithm":"AES256"}],"blocked_encryption_types":[],"bucket_key_enabled":null}]},"sensitive_values":{"rule":[{"apply_server_side_encryption_by_default":[{}],"blocked_encryption_types":[]}]},"identity_schema_version":0,"identity":{"account_id":null,"bucket":null,"expected_bucket_owner":null,"region":null}},{"address":"aws_security_group.alb","mode":"managed","type":"aws_security_group","name":"alb","provider_name":"registry.terraform.io/hashicorp/aws","schema_version":1,"values":{"description":"Allow HTTP/HTTPS inbound traffic to ALB","egress":[{"cidr_blocks":["0.0.0.0/0"],"description":"","from_port":0,"ipv6_cidr_blocks":[],"prefix_list_ids":[],"protocol":"-1","security_groups":[],"self":false,"to_port":0}],"ingress":[{"cidr_blocks":["0.0.0.0/0"],"description":"","from_port":443,"ipv6_cidr_blocks":[],"prefix_list_ids":[],"protocol":"tcp","security_groups":[],"self":false,"to_port":443},{"cidr_blocks":["0.0.0.0/0"],"description":"","from_port":80,"ipv6_cidr_blocks":[],"prefix_list_ids":[],"protocol":"tcp","security_groups":[],"self":false,"to_port":80}],"name":"express-app-alb-sg","region":"us-east-1","revoke_rules_on_delete":false,"tags":{"Name":"express-app-alb-sg"},"tags_all":{"Name":"express-app-alb-sg"},"timeouts":null},"sensitive_values":{"egress":[{"cidr_blocks":[false],"ipv6_cidr_blocks":[],"prefix_list_ids":[],"security_groups":[]}],"ingress":[{"cidr_blocks":[false],"ipv6_cidr_blocks":[],"prefix_list_ids":[],"security_groups":[]},{"cidr_blocks":[false],"ipv6_cidr_blocks":[],"prefix_list_ids":[],"security_groups":[]}],"tags":{},"tags_all":{}},"identity_schema_version":0,"identity":{"account_id":null,"id":null,"region":null}},{"address":"aws_security_group.ec2","mode":"managed","type":"aws_security_group","name":"ec2","provider_name":"registry.terraform.io/hashicorp/aws","schema_version":1,"values":{"description":"Allow traffic from ALB to EC2","egress":[{"cidr_blocks":["0.0.0.0/0"],"description":"","from_port":0,"ipv6_cidr_blocks":[],"prefix_list_ids":[],"protocol":"-1","security_groups":[],"self":false,"to_port":0}],"ingress":[{"cidr_blocks":[],"description":"","from_port":8080,"ipv6_cidr_blocks":[],"prefix_list_ids":[],"protocol":"tcp","self":false,"to_port":8080}],"name":"express-app-ec2-sg","region":"us-east-1","revoke_rules_on_delete":false,"tags":{"Name":"express-app-ec2-sg"},"tags_all":{"Name":"express-app-ec2-sg"},"timeouts":null},"sensitive_values":{"egress":[{"cidr_blocks":[false],"ipv6_cidr_blocks":[],"prefix_list_ids":[],"security_groups":[]}],"ingress":[{"cidr_blocks":[],"ipv6_cidr_blocks":[],"prefix_list_ids":[],"security_groups":[]}],"tags":{},"tags_all":{}},"identity_schema_version":0,"identity":{"account_id":null,"id":null,"region":null}},{"address":"aws_subnet.public_a","mode":"managed","type":"aws_subnet","name":"public_a","provider_name":"registry.terraform.io/hashicorp/aws","schema_version":1,"values":{"assign_ipv6_address_on_creation":false,"availability_zone":"us-east-1a","cidr_block":"10.0.1.0/24","customer_owned_ipv4_pool":null,"enable_dns64":false,"enable_lni_at_device_index":null,"enable_resource_name_dns_a_record_on_launch":false,"enable_resource_name_dns_aaaa_record_on_launch":false,"ipv6_cidr_block":null,"ipv6_native":false,"map_customer_owned_ip_on_launch":null,"map_public_ip_on_launch":true,"outpost_arn":null,"region":"us-east-1","tags":{"Name":"express-app-public-a"},"tags_all":{"Name":"express-app-public-a"},"timeouts":null},"sensitive_values":{"tags":{},"tags_all":{}},"identity_schema_version":0,"identity":{"account_id":null,"id":null,"region":null}},{"address":"aws_subnet.public_b","mode":"managed","type":"aws_subnet","name":"public_b","provider_name":"registry.terraform.io/hashicorp/aws","schema_version":1,"values":{"assign_ipv6_address_on_creation":false,"availability_zone":"us-east-1b","cidr_block":"10.0.2.0/24","customer_owned_ipv4_pool":null,"enable_dns64":false,"enable_lni_at_device_index":null,"enable_resource_name_dns_a_record_on_launch":false,"enable_resource_name_dns_aaaa_record_on_launch":false,"ipv6_cidr_block":null,"ipv6_native":false,"map_customer_owned_ip_on_launch":null,"map_public_ip_on_launch":true,"outpost_arn":null,"region":"us-east-1","tags":{"Name":"express-app-public-b"},"tags_all":{"Name":"express-app-public-b"},"timeouts":null},"sensitive_values":{"tags":{},"tags_all":{}},"identity_schema_version":0,"identity":{"account_id":null,"id":null,"region":null}},{"address":"aws_vpc.main","mode":"managed","type":"aws_vpc","name":"main","provider_name":"registry.terraform.io/hashicorp/aws","schema_version":1,"values":{"assign_generated_ipv6_cidr_block":null,"cidr_block":"10.0.0.0/16","enable_dns_hostnames":true,"enable_dns_support":true,"instance_tenancy":"default","ipv4_ipam_pool_id":null,"ipv4_netmask_length":null,"ipv6_ipam_pool_id":null,"ipv6_netmask_length":null,"region":"us-east-1","tags":{"Name":"express-app-vpc"},"tags_all":{"Name":"express-app-vpc"}},"sensitive_values":{"tags":{},"tags_all":{}},"identity_schema_version":0,"identity":{"account_id":null,"id":null,"region":null}},{"address":"random_id.suffix","mode":"managed","type":"random_id","name":"suffix","provider_name":"registry.terraform.io/hashicorp/random","schema_version":0,"values":{"byte_length":4,"keepers":null,"prefix":null},"sensitive_values":{}}]}},"resource_changes":[{"address":"aws_elastic_beanstalk_application.app","mode":"managed","type":"aws_elastic_beanstalk_application","name":"app","provider_name":"registry.terraform.io/hashicorp/aws","change":{"actions":["create"],"before":null,"after":{"appversion_lifecycle":[],"description":"Elastic Beanstalk Application for Express Node.js app","name":"express-app","region":"us-east-1","tags":null},"after_unknown":{"appversion_lifecycle":[],"arn":true,"id":true,"tags_all":true},"before_sensitive":false,"after_sensitive":{"appversion_lifecycle":[],"tags_all":{}}}},{"address":"aws_elastic_beanstalk_environment.env","mode":"managed","type":"aws_elastic_beanstalk_environment","name":"env","provider_name":"registry.terraform.io/hashicorp/aws","change":{"actions":["create"],"before":null,"after":{"application":"express-app","description":null,"name":"express-app-dev","poll_interval":null,"region":"us-east-1","setting":[{"name":"Application Healthcheck URL","namespace":"aws:elasticbeanstalk:application","resource":"","value":"/"},{"name":"EnvironmentType","namespace":"aws:elasticbeanstalk:environment","resource":"","value":"LoadBalanced"},{"name":"IamInstanceProfile","namespace":"aws:autoscaling:launchconfiguration","resource":"","value":"express-app-eb-ec2-instance-profile"},{"name":"LoadBalancerSecurityGroups","namespace":"aws:elasticbeanstalk:environment","resource":""},{"name":"LoadBalancerType","namespace":"aws:elasticbeanstalk:environment","resource":"","value":"application"},{"name":"NODE_ENV","namespace":"aws:elasticbeanstalk:application:environment","resource":"","value":"dev"},{"name":"RetentionInDays","namespace":"aws:elasticbeanstalk:cloudwatch:logs","resource":"","value":"14"},{"name":"SecurityGroups","namespace":"aws:autoscaling:launchconfiguration","resource":""},{"name":"ServiceRole","namespace":"aws:elasticbeanstalk:environment","resource":""},{"name":"StreamLogs","namespace":"aws:elasticbeanstalk:cloudwatch:logs","resource":"","value":"true"},{"name":"Subnets","namespace":"aws:ec2:vpc","resource":""},{"name":"VPCId","namespace":"aws:ec2:vpc","resource":""}],"solution_stack_name":"64bit Amazon Linux 2 v5.8.4 running Node.js 18","tags":null,"template_name":null,"tier":"WebServer","wait_for_ready_timeout":"20m"},"after_unknown":{"all_settings":true,"arn":true,"autoscaling_groups":true,"cname":true,"cname_prefix":true,"endpoint_url":true,"id":true,"instances":true,"launch_configurations":true,"load_balancers":true,"platform_arn":true,"queues":true,"setting":[{},{},{},{"value":true},{},{},{},{"value":true},{"value":true},{},{"value":true},{"value":true}],"tags_all":true,"triggers":true,"version_label":true},"before_sensitive":false,"after_sensitive":{"all_settings":[],"autoscaling_groups":[],"instances":[],"launch_configurations":[],"load_balancers":[],"queues":[],"setting":[{},{},{},{},{},{},{},{},{},{},{},{}],"tags_all":{},"triggers":[]}}},{"address":"aws_iam_instance_profile.eb_ec2_instance_profile","mode":"managed","type":"aws_iam_instance_profile","name":"eb_ec2_instance_profile","provider_name":"registry.terraform.io/hashicorp/aws","change":{"actions":["create"],"before":null,"after":{"name":"express-app-eb-ec2-instance-profile","path":"/","role":"express-app-eb-ec2-role","tags":null},"after_unknown":{"arn":true,"create_date":true,"id":true,"name_prefix":true,"tags_all":true,"unique_id":true},"before_sensitive":false,"after_sensitive":{"tags_all":{}}}},{"address":"aws_iam_role.eb_ec2_role","mode":"managed","type":"aws_iam_role","name":"eb_ec2_role","provider_name":"registry.terraform.io/hashicorp/aws","change":{"actions":["create"],"before":null,"after":{"assume_role_policy":"{\"Statement\":[{\"Action\":\"sts:AssumeRole\",\"Effect\":\"Allow\",\"Principal\":{\"Service\":\"ec2.amazonaws.com\"}}],\"Version\":\"2012-10-17\"}","description":null,"force_detach_policies":false,"max_session_duration":3600,"name":"express-app-eb-ec2-role","path":"/","permissions_boundary":null,"tags":null},"after_unknown":{"arn":true,"create_date":true,"id":true,"inline_policy":true,"managed_policy_arns":true,"name_prefix":true,"tags_all":true,"unique_id":true},"before_sensitive":false,"after_sensitive":{"inline_policy":[],"managed_policy_arns":[],"tags_all":{}},"after_identity":{"account_id":null,"name":null}}},{"address":"aws_iam_role.eb_service_role","mode":"managed","type":"aws_iam_role","name":"eb_service_role","provider_name":"registry.terraform.io/hashicorp/aws","change":{"actions":["create"],"before":null,"after":{"assume_role_policy":"{\"Statement\":[{\"Action\":\"sts:AssumeRole\",\"Effect\":\"Allow\",\"Principal\":{\"Service\":\"elasticbeanstalk.amazonaws.com\"}}],\"Version\":\"2012-10-17\"}","description":null,"force_detach_policies":false,"max_session_duration":3600,"name":"express-app-eb-service-role","path":"/","permissions_boundary":null,"tags":null},"after_unknown":{"arn":true,"create_date":true,"id":true,"inline_policy":true,"managed_policy_arns":true,"name_prefix":true,"tags_all":true,"unique_id":true},"before_sensitive":false,"after_sensitive":{"inline_policy":[],"managed_policy_arns":[],"tags_all":{}},"after_identity":{"account_id":null,"name":null}}},{"address":"aws_iam_role_policy_attachment.eb_ec2_role_managed","mode":"managed","type":"aws_iam_role_policy_attachment","name":"eb_ec2_role_managed","provider_name":"registry.terraform.io/hashicorp/aws","change":{"actions":["create"],"before":null,"after":{"policy_arn":"arn:aws:iam::aws:policy/AWSElasticBeanstalkWebTier","role":"express-app-eb-ec2-role"},"after_unknown":{"id":true},"before_sensitive":false,"after_sensitive":{},"after_identity":{"account_id":null,"policy_arn":null,"role":null}}},{"address":"aws_iam_role_policy_attachment.eb_service_role_managed","mode":"managed","type":"aws_iam_role_policy_attachment","name":"eb_service_role_managed","provider_name":"registry.terraform.io/hashicorp/aws","change":{"actions":["create"],"before":null,"after":{"policy_arn":"arn:aws:iam::aws:policy/service-role/AWSElasticBeanstalkEnhancedHealth","role":"express-app-eb-service-role"},"after_unknown":{"id":true},"before_sensitive":false,"after_sensitive":{},"after_identity":{"account_id":null,"policy_arn":null,"role":null}}},{"address":"aws_internet_gateway.main","mode":"managed","type":"aws_internet_gateway","name":"main","provider_name":"registry.terraform.io/hashicorp/aws","change":{"actions":["create"],"before":null,"after":{"region":"us-east-1","tags":{"Name":"express-app-igw"},"tags_all":{"Name":"express-app-igw"},"timeouts":null},"after_unknown":{"arn":true,"id":true,"owner_id":true,"tags":{},"tags_all":{},"vpc_id":true},"before_sensitive":false,"after_sensitive":{"tags":{},"tags_all":{}}}},{"address":"aws_route.public_internet_access","mode":"managed","type":"aws_route","name":"public_internet_access","provider_name":"registry.terraform.io/hashicorp/aws","change":{"actions":["create"],"before":null,"after":{"carrier_gateway_id":null,"core_network_arn":null,"destination_cidr_block":"0.0.0.0/0","destination_ipv6_cidr_block":null,"destination_prefix_list_id":null,"egress_only_gateway_id":null,"local_gateway_id":null,"nat_gateway_id":null,"region":"us-east-1","timeouts":null,"transit_gateway_id":null,"vpc_endpoint_id":null,"vpc_peering_connection_id":null},"after_unknown":{"gateway_id":true,"id":true,"instance_id":true,"instance_owner_id":true,"network_interface_id":true,"origin":true,"route_table_id":true,"state":true},"before_sensitive":false,"after_sensitive":{},"after_identity":{"account_id":null,"destination_cidr_block":null,"destination_ipv6_cidr_block":null,"destination_prefix_list_id":null,"region":null,"route_table_id":null}}},{"address":"aws_route_table.public","mode":"managed","type":"aws_route_table","name":"public","provider_name":"registry.terraform.io/hashicorp/aws","change":{"actions":["create"],"before":null,"after":{"region":"us-east-1","tags":{"Name":"express-app-public-rt"},"tags_all":{"Name":"express-app-public-rt"},"timeouts":null},"after_unknown":{"arn":true,"id":true,"owner_id":true,"propagating_vgws":true,"route":true,"tags":{},"tags_all":{},"vpc_id":true},"before_sensitive":false,"after_sensitive":{"propagating_vgws":[],"route":[],"tags":{},"tags_all":{}},"after_identity":{"account_id":null,"id":null,"region":null}}},{"address":"aws_route_table_association.public_a","mode":"managed","type":"aws_route_table_association","name":"public_a","provider_name":"registry.terraform.io/hashicorp/aws","change":{"actions":["create"],"before":null,"after":{"gateway_id":null,"region":"us-east-1","timeouts":null},"after_unknown":{"id":true,"route_table_id":true,"subnet_id":true},"before_sensitive":false,"after_sensitive":{}}},{"address":"aws_route_table_association.public_b","mode":"managed","type":"aws_route_table_association","name":"public_b","provider_name":"registry.terraform.io/hashicorp/aws","change":{"actions":["create"],"before":null,"after":{"gateway_id":null,"region":"us-east-1","timeouts":null},"after_unknown":{"id":true,"route_table_id":true,"subnet_id":true},"before_sensitive":false,"after_sensitive":{}}},{"address":"aws_s3_bucket.logs","mode":"managed","type":"aws_s3_bucket","name":"logs","provider_name":"registry.terraform.io/hashicorp/aws","change":{"actions":["create"],"before":null,"after":{"force_destroy":true,"region":"us-east-1","tags":{"Name":"express-app-logs"},"tags_all":{"Name":"express-app-logs"},"timeouts":null},"after_unknown":{"acceleration_status":true,"acl":true,"arn":true,"bucket":true,"bucket_domain_name":true,"bucket_prefix":true,"bucket_region":true,"bucket_regional_domain_name":true,"cors_rule":true,"grant":true,"hosted_zone_id":true,"id":true,"lifecycle_rule":true,"logging":true,"object_lock_configuration":true,"object_lock_enabled":true,"policy":true,"replication_configuration":true,"request_payer":true,"server_side_encryption_configuration":true,"tags":{},"tags_all":{},"versioning":true,"website":true,"website_domain":true,"website_endpoint":true},"before_sensitive":false,"after_sensitive":{"cors_rule":[],"grant":[],"lifecycle_rule":[],"logging":[],"object_lock_configuration":[],"replication_configuration":[],"server_side_encryption_configuration":[],"tags":{},"tags_all":{},"versioning":[],"website":[]},"after_identity":{"account_id":null,"bucket":null,"region":null}}},{"address":"aws_s3_bucket_public_access_block.logs","mode":"managed","type":"aws_s3_bucket_public_access_block","name":"logs","provider_name":"registry.terraform.io/hashicorp/aws","change":{"actions":["create"],"before":null,"after":{"block_public_acls":true,"block_public_policy":true,"ignore_public_acls":true,"region":"us-east-1","restrict_public_buckets":true,"skip_destroy":null},"after_unknown":{"bucket":true,"id":true},"before_sensitive":false,"after_sensitive":{},"after_identity":{"account_id":null,"bucket":null,"region":null}}},{"address":"aws_s3_bucket_server_side_encryption_configuration.logs","mode":"managed","type":"aws_s3_bucket_server_side_encryption_configuration","name":"logs","provider_name":"registry.terraform.io/hashicorp/aws","change":{"actions":["create"],"before":null,"after":{"expected_bucket_owner":null,"region":"us-east-1","rule":[{"apply_server_side_encryption_by_default":[{"kms_master_key_id":"","sse_algorithm":"AES256"}],"blocked_encryption_types":[],"bucket_key_enabled":null}]},"after_unknown":{"bucket":true,"id":true,"rule":[{"apply_server_side_encryption_by_default":[{}],"blocked_encryption_types":[]}]},"before_sensitive":false,"after_sensitive":{"rule":[{"apply_server_side_encryption_by_default":[{}],"blocked_encryption_types":[]}]},"after_identity":{"account_id":null,"bucket":null,"expected_bucket_owner":null,"region":null}}},{"address":"aws_security_group.alb","mode":"managed","type":"aws_security_group","name":"alb","provider_name":"registry.terraform.io/hashicorp/aws","change":{"actions":["create"],"before":null,"after":{"description":"Allow HTTP/HTTPS inbound traffic to ALB","egress":[{"cidr_blocks":["0.0.0.0/0"],"description":"","from_port":0,"ipv6_cidr_blocks":[],"prefix_list_ids":[],"protocol":"-1","security_groups":[],"self":false,"to_port":0}],"ingress":[{"cidr_blocks":["0.0.0.0/0"],"description":"","from_port":443,"ipv6_cidr_blocks":[],"prefix_list_ids":[],"protocol":"tcp","security_groups":[],"self":false,"to_port":443},{"cidr_blocks":["0.0.0.0/0"],"description":"","from_port":80,"ipv6_cidr_blocks":[],"prefix_list_ids":[],"protocol":"tcp","security_groups":[],"self":false,"to_port":80}],"name":"express-app-alb-sg","region":"us-east-1","revoke_rules_on_delete":false,"tags":{"Name":"express-app-alb-sg"},"tags_all":{"Name":"express-app-alb-sg"},"timeouts":null},"after_unknown":{"arn":true,"egress":[{"cidr_blocks":[false],"ipv6_cidr_blocks":[],"prefix_list_ids":[],"security_groups":[]}],"id":true,"ingress":[{"cidr_blocks":[false],"ipv6_cidr_blocks":[],"prefix_list_ids":[],"security_groups":[]},{"cidr_blocks":[false],"ipv6_cidr_blocks":[],"prefix_list_ids":[],"security_groups":[]}],"name_prefix":true,"owner_id":true,"tags":{},"tags_all":{},"vpc_id":true},"before_sensitive":false,"after_sensitive":{"egress":[{"cidr_blocks":[false],"ipv6_cidr_blocks":[],"prefix_list_ids":[],"security_groups":[]}],"ingress":[{"cidr_blocks":[false],"ipv6_cidr_blocks":[],"prefix_list_ids":[],"security_groups":[]},{"cidr_blocks":[false],"ipv6_cidr_blocks":[],"prefix_list_ids":[],"security_groups":[]}],"tags":{},"tags_all":{}},"after_identity":{"account_id":null,"id":null,"region":null}}},{"address":"aws_security_group.ec2","mode":"managed","type":"aws_security_group","name":"ec2","provider_name":"registry.terraform.io/hashicorp/aws","change":{"actions":["create"],"before":null,"after":{"description":"Allow traffic from ALB to EC2","egress":[{"cidr_blocks":["0.0.0.0/0"],"description":"","from_port":0,"ipv6_cidr_blocks":[],"prefix_list_ids":[],"protocol":"-1","security_groups":[],"self":false,"to_port":0}],"ingress":[{"cidr_blocks":[],"description":"","from_port":8080,"ipv6_cidr_blocks":[],"prefix_list_ids":[],"protocol":"tcp","self":false,"to_port":8080}],"name":"express-app-ec2-sg","region":"us-east-1","revoke_rules_on_delete":false,"tags":{"Name":"express-app-ec2-sg"},"tags_all":{"Name":"express-app-ec2-sg"},"timeouts":null},"after_unknown":{"arn":true,"egress":[{"cidr_blocks":[false],"ipv6_cidr_blocks":[],"prefix_list_ids":[],"security_groups":[]}],"id":true,"ingress":[{"cidr_blocks":[],"ipv6_cidr_blocks":[],"prefix_list_ids":[],"security_groups":true}],"name_prefix":true,"owner_id":true,"tags":{},"tags_all":{},"vpc_id":true},"before_sensitive":false,"after_sensitive":{"egress":[{"cidr_blocks":[false],"ipv6_cidr_blocks":[],"prefix_list_ids":[],"security_groups":[]}],"ingress":[{"cidr_blocks":[],"ipv6_cidr_blocks":[],"prefix_list_ids":[],"security_groups":[]}],"tags":{},"tags_all":{}},"after_identity":{"account_id":null,"id":null,"region":null}}},{"address":"aws_subnet.public_a","mode":"managed","type":"aws_subnet","name":"public_a","provider_name":"registry.terraform.io/hashicorp/aws","change":{"actions":["create"],"before":null,"after":{"assign_ipv6_address_on_creation":false,"availability_zone":"us-east-1a","cidr_block":"10.0.1.0/24","customer_owned_ipv4_pool":null,"enable_dns64":false,"enable_lni_at_device_index":null,"enable_resource_name_dns_a_record_on_launch":false,"enable_resource_name_dns_aaaa_record_on_launch":false,"ipv6_cidr_block":null,"ipv6_native":false,"map_customer_owned_ip_on_launch":null,"map_public_ip_on_launch":true,"outpost_arn":null,"region":"us-east-1","tags":{"Name":"express-app-public-a"},"tags_all":{"Name":"express-app-public-a"},"timeouts":null},"after_unknown":{"arn":true,"availability_zone_id":true,"id":true,"ipv6_cidr_block_association_id":true,"owner_id":true,"private_dns_hostname_type_on_launch":true,"tags":{},"tags_all":{},"vpc_id":true},"before_sensitive":false,"after_sensitive":{"tags":{},"tags_all":{}},"after_identity":{"account_id":null,"id":null,"region":null}}},{"address":"aws_subnet.public_b","mode":"managed","type":"aws_subnet","name":"public_b","provider_name":"registry.terraform.io/hashicorp/aws","change":{"actions":["create"],"before":null,"after":{"assign_ipv6_address_on_creation":false,"availability_zone":"us-east-1b","cidr_block":"10.0.2.0/24","customer_owned_ipv4_pool":null,"enable_dns64":false,"enable_lni_at_device_index":null,"enable_resource_name_dns_a_record_on_launch":false,"enable_resource_name_dns_aaaa_record_on_launch":false,"ipv6_cidr_block":null,"ipv6_native":false,"map_customer_owned_ip_on_launch":null,"map_public_ip_on_launch":true,"outpost_arn":null,"region":"us-east-1","tags":{"Name":"express-app-public-b"},"tags_all":{"Name":"express-app-public-b"},"timeouts":null},"after_unknown":{"arn":true,"availability_zone_id":true,"id":true,"ipv6_cidr_block_association_id":true,"owner_id":true,"private_dns_hostname_type_on_launch":true,"tags":{},"tags_all":{},"vpc_id":true},"before_sensitive":false,"after_sensitive":{"tags":{},"tags_all":{}},"after_identity":{"account_id":null,"id":null,"region":null}}},{"address":"aws_vpc.main","mode":"managed","type":"aws_vpc","name":"main","provider_name":"registry.terraform.io/hashicorp/aws","change":{"actions":["create"],"before":null,"after":{"assign_generated_ipv6_cidr_block":null,"cidr_block":"10.0.0.0/16","enable_dns_hostnames":true,"enable_dns_support":true,"instance_tenancy":"default","ipv4_ipam_pool_id":null,"ipv4_netmask_length":null,"ipv6_ipam_pool_id":null,"ipv6_netmask_length":null,"region":"us-east-1","tags":{"Name":"express-app-vpc"},"tags_all":{"Name":"express-app-vpc"}},"after_unknown":{"arn":true,"default_network_acl_id":true,"default_route_table_id":true,"default_security_group_id":true,"dhcp_options_id":true,"enable_network_address_usage_metrics":true,"id":true,"ipv6_association_id":true,"ipv6_cidr_block":true,"ipv6_cidr_block_network_border_group":true,"main_route_table_id":true,"owner_id":true,"tags":{},"tags_all":{}},"before_sensitive":false,"after_sensitive":{"tags":{},"tags_all":{}},"after_identity":{"account_id":null,"id":null,"region":null}}},{"address":"random_id.suffix","mode":"managed","type":"random_id","name":"suffix","provider_name":"registry.terraform.io/hashicorp/random","change":{"actions":["create"],"before":null,"after":{"byte_length":4,"keepers":null,"prefix":null},"after_unknown":{"b64_std":true,"b64_url":true,"dec":true,"hex":true,"id":true},"before_sensitive":false,"after_sensitive":{}}}],"output_changes":{"beanstalk_app_name":{"actions":["create"],"before":null,"after":"express-app","after_unknown":false,"before_sensitive":false,"after_sensitive":false},"beanstalk_env_url":{"actions":["create"],"before":null,"after_unknown":true,"before_sensitive":false,"after_sensitive":false},"s3_logs_bucket":{"actions":["create"],"before":null,"after_unknown":true,"before_sensitive":false,"after_sensitive":false}},"prior_state":{"format_version":"1.0","terraform_version":"1.13.5","values":{"outputs":{"beanstalk_app_name":{"sensitive":false,"value":"express-app","type":"string"}},"root_module":{"resources":[{"address":"data.aws_availability_zones.available","mode":"data","type":"aws_availability_zones","name":"available","provider_name":"registry.terraform.io/hashicorp/aws","schema_version":0,"values":{"all_availability_zones":null,"exclude_names":null,"exclude_zone_ids":null,"filter":null,"group_names":[""],"id":"us-east-1","names":["us-east-1a","us-east-1b","us-east-1c","us-east-1d","us-east-1e","us-east-1f"],"region":"us-east-1","state":null,"timeouts":null,"zone_ids":["use1-az6","use1-az1","use1-az2","use1-az4","use1-az3","use1-az5"]},"sensitive_values":{"group_names":[false],"names":[false,false,false,false,false,false],"zone_ids":[false,false,false,false,false,false]}},{"address":"data.aws_iam_policy_document.eb_ec2_assume_role_policy","mode":"data","type":"aws_iam_policy_document","name":"eb_ec2_assume_role_policy","provider_name":"registry.terraform.io/hashicorp/aws","schema_version":0,"values":{"id":"2851119427","json":"{\n  \"Version\": \"2012-10-17\",\n  \"Statement\": [\n    {\n      \"Effect\": \"Allow\",\n      \"Action\": \"sts:AssumeRole\",\n      \"Principal\": {\n        \"Service\": \"ec2.amazonaws.com\"\n      }\n    }\n  ]\n}","minified_json":"{\"Version\":\"2012-10-17\",\"Statement\":[{\"Effect\":\"Allow\",\"Action\":\"sts:AssumeRole\",\"Principal\":{\"Service\":\"ec2.amazonaws.com\"}}]}","override_json":null,"override_policy_documents":null,"policy_id":null,"source_json":null,"source_policy_documents":null,"statement":[{"actions":["sts:AssumeRole"],"condition":[],"effect":"Allow","not_actions":[],"not_principals":[],"not_resources":[],"principals":[{"identifiers":["ec2.amazonaws.com"],"type":"Service"}],"resources":[],"sid":""}],"version":"2012-10-17"},"sensitive_values":{"statement":[{"actions":[false],"condition":[],"not_actions":[],"not_principals":[],"not_resources":[],"principals":[{"identifiers":[false]}],"resources":[]}]}},{"address":"data.aws_iam_policy_document.eb_service_assume_role_policy","mode":"data","type":"aws_iam_policy_document","name":"eb_service_assume_role_policy","provider_name":"registry.terraform.io/hashicorp/aws","schema_version":0,"values":{"id":"2970054628","json":"{\n  \"Version\": \"2012-10-17\",\n  \"Statement\": [\n    {\n      \"Effect\": \"Allow\",\n      \"Action\": \"sts:AssumeRole\",\n      \"Principal\": {\n        \"Service\": \"elasticbeanstalk.amazonaws.com\"\n      }\n    }\n  ]\n}","minified_json":"{\"Version\":\"2012-10-17\",\"Statement\":[{\"Effect\":\"Allow\",\"Action\":\"sts:AssumeRole\",\"Principal\":{\"Service\":\"elasticbeanstalk.amazonaws.com\"}}]}","override_json":null,"override_policy_documents":null,"policy_id":null,"source_json":null,"source_policy_documents":null,"statement":[{"actions":["sts:AssumeRole"],"condition":[],"effect":"Allow","not_actions":[],"not_principals":[],"not_resources":[],"principals":[{"identifiers":["elasticbeanstalk.amazonaws.com"],"type":"Service"}],"resources":[],"sid":""}],"version":"2012-10-17"},"sensitive_values":{"statement":[{"actions":[false],"condition":[],"not_actions":[],"not_principals":[],"not_resources":[],"principals":[{"identifiers":[false]}],"resources":[]}]}}]}}},"configuration":{"provider_config":{"aws":{"name":"aws","full_name":"registry.terraform.io/hashicorp/aws","version_constraint":"\u003e= 4.0.0","expressions":{"region":{"references":["var.aws_region"]}}},"random":{"name":"random","full_name":"registry.terraform.io/hashicorp/random"}},"root_module":{"outputs":{"beanstalk_app_name":{"expression":{"references":["aws_elastic_beanstalk_application.app.name","aws_elastic_beanstalk_application.app"]},"description":"Elastic Beanstalk application name"},"beanstalk_env_url":{"expression":{"references":["aws_elastic_beanstalk_environment.env.endpoint_url","aws_elastic_beanstalk_environment.env"]},"description":"URL of the Elastic Beanstalk environment"},"s3_logs_bucket":{"expression":{"references":["aws_s3_bucket.logs.bucket","aws_s3_bucket.logs"]},"description":"S3 bucket for logs"}},"resources":[{"address":"aws_elastic_beanstalk_application.app","mode":"managed","type":"aws_elastic_beanstalk_application","name":"app","provider_config_key":"aws","expressions":{"description":{"constant_value":"Elastic Beanstalk Application for Express Node.js app"},"name":{"references":["var.app_name"]}},"schema_version":0},{"address":"aws_elastic_beanstalk_environment.env","mode":"managed","type":"aws_elastic_beanstalk_environment","name":"env","provider_config_key":"aws","expressions":{"application":{"references":["aws_elastic_beanstalk_application.app.name","aws_elastic_beanstalk_application.app"]},"name":{"references":["var.app_name","var.environment"]},"setting":[{"name":{"constant_value":"IamInstanceProfile"},"namespace":{"constant_value":"aws:autoscaling:launchconfiguration"},"value":{"references":["aws_iam_instance_profile.eb_ec2_instance_profile.name","aws_iam_instance_profile.eb_ec2_instance_profile"]}},{"name":{"constant_value":"SecurityGroups"},"namespace":{"constant_value":"aws:autoscaling:launchconfiguration"},"value":{"references":["aws_security_group.ec2.id","aws_security_group.ec2"]}},{"name":{"constant_value":"VPCId"},"namespace":{"constant_value":"aws:ec2:vpc"},"value":{"references":["aws_vpc.main.id","aws_vpc.main"]}},{"name":{"constant_value":"Subnets"},"namespace":{"constant_value":"aws:ec2:vpc"},"value":{"references":["aws_subnet.public_a.id","aws_subnet.public_a","aws_subnet.public_b.id","aws_subnet.public_b"]}},{"name":{"constant_value":"EnvironmentType"},"namespace":{"constant_value":"aws:elasticbeanstalk:environment"},"value":{"constant_value":"LoadBalanced"}},{"name":{"constant_value":"LoadBalancerType"},"namespace":{"constant_value":"aws:elasticbeanstalk:environment"},"value":{"constant_value":"application"}},{"name":{"constant_value":"NODE_ENV"},"namespace":{"constant_value":"aws:elasticbeanstalk:application:environment"},"value":{"references":["var.environment"]}},{"name":{"constant_value":"StreamLogs"},"namespace":{"constant_value":"aws:elasticbeanstalk:cloudwatch:logs"},"value":{"constant_value":"true"}},{"name":{"constant_value":"RetentionInDays"},"namespace":{"constant_value":"aws:elasticbeanstalk:cloudwatch:logs"},"value":{"constant_value":"14"}},{"name":{"constant_value":"Application Healthcheck URL"},"namespace":{"constant_value":"aws:elasticbeanstalk:application"},"value":{"constant_value":"/"}},{"name":{"constant_value":"ServiceRole"},"namespace":{"constant_value":"aws:elasticbeanstalk:environment"},"value":{"references":["aws_iam_role.eb_service_role.arn","aws_iam_role.eb_service_role"]}},{"name":{"constant_value":"LoadBalancerSecurityGroups"},"namespace":{"constant_value":"aws:elasticbeanstalk:environment"},"value":{"references":["aws_security_group.alb.id","aws_security_group.alb"]}}],"solution_stack_name":{"constant_value":"64bit Amazon Linux 2 v5.8.4 running Node.js 18"}},"schema_version":1,"depends_on":["aws_iam_role_policy_attachment.eb_service_role_managed","aws_iam_role_policy_attachment.eb_ec2_role_managed"]},{"address":"aws_iam_instance_profile.eb_ec2_instance_profile","mode":"managed","type":"aws_iam_instance_profile","name":"eb_ec2_instance_profile","provider_config_key":"aws","expressions":{"name":{"references":["var.app_name"]},"role":{"references":["aws_iam_role.eb_ec2_role.name","aws_iam_role.eb_ec2_role"]}},"schema_version":0},{"address":"aws_iam_role.eb_ec2_role","mode":"managed","type":"aws_iam_role","name":"eb_ec2_role","provider_config_key":"aws","expressions":{"assume_role_policy":{"references":["data.aws_iam_policy_document.eb_ec2_assume_role_policy.json","data.aws_iam_policy_document.eb_ec2_assume_role_policy"]},"name":{"references":["var.app_name"]}},"schema_version":0},{"address":"aws_iam_role.eb_service_role","mode":"managed","type":"aws_iam_role","name":"eb_service_role","provider_config_key":"aws","expressions":{"assume_role_policy":{"references":["data.aws_iam_policy_document.eb_service_assume_role_policy.json","data.aws_iam_policy_document.eb_service_assume_role_policy"]},"name":{"references":["var.app_name"]}},"schema_version":0},{"address":"aws_iam_role_policy_attachment.eb_ec2_role_managed","mode":"managed","type":"aws_iam_role_policy_attachment","name":"eb_ec2_role_managed","provider_config_key":"aws","expressions":{"policy_arn":{"constant_value":"arn:aws:iam::aws:policy/AWSElasticBeanstalkWebTier"},"role":{"references":["aws_iam_role.eb_ec2_role.name","aws_iam_role.eb_ec2_role"]}},"schema_version":0},{"address":"aws_iam_role_policy_attachment.eb_service_role_managed","mode":"managed","type":"aws_iam_role_policy_attachment","name":"eb_service_role_managed","provider_config_key":"aws","expressions":{"policy_arn":{"constant_value":"arn:aws:iam::aws:policy/service-role/AWSElasticBeanstalkEnhancedHealth"},"role":{"references":["aws_iam_role.eb_service_role.name","aws_iam_role.eb_service_role"]}},"schema_version":0},{"address":"aws_internet_gateway.main","mode":"managed","type":"aws_internet_gateway","name":"main","provider_config_key":"aws","expressions":{"tags":{"references":["var.app_name"]},"vpc_id":{"references":["aws_vpc.main.id","aws_vpc.main"]}},"schema_version":0},{"address":"aws_route.public_internet_access","mode":"managed","type":"aws_route","name":"public_internet_access","provider_config_key":"aws","expressions":{"destination_cidr_block":{"constant_value":"0.0.0.0/0"},"gateway_id":{"references":["aws_internet_gateway.main.id","aws_internet_gateway.main"]},"route_table_id":{"references":["aws_route_table.public.id","aws_route_table.public"]}},"schema_version":0},{"address":"aws_route_table.public","mode":"managed","type":"aws_route_table","name":"public","provider_config_key":"aws","expressions":{"tags":{"references":["var.app_name"]},"vpc_id":{"references":["aws_vpc.main.id","aws_vpc.main"]}},"schema_version":0},{"address":"aws_route_table_association.public_a","mode":"managed","type":"aws_route_table_association","name":"public_a","provider_config_key":"aws","expressions":{"route_table_id":{"references":["aws_route_table.public.id","aws_route_table.public"]},"subnet_id":{"references":["aws_subnet.public_a.id","aws_subnet.public_a"]}},"schema_version":0},{"address":"aws_route_table_association.public_b","mode":"managed","type":"aws_route_table_association","name":"public_b","provider_config_key":"aws","expressions":{"route_table_id":{"references":["aws_route_table.public.id","aws_route_table.public"]},"subnet_id":{"references":["aws_subnet.public_b.id","aws_subnet.public_b"]}},"schema_version":0},{"address":"aws_s3_bucket.logs","mode":"managed","type":"aws_s3_bucket","name":"logs","provider_config_key":"aws","expressions":{"bucket":{"references":["var.app_name","var.environment","random_id.suffix.hex","random_id.suffix"]},"force_destroy":{"constant_value":true},"tags":{"references":["var.app_name"]}},"schema_version":0},{"address":"aws_s3_bucket_public_access_block.logs","mode":"managed","type":"aws_s3_bucket_public_access_block","name":"logs","provider_config_key":"aws","expressions":{"block_public_acls":{"constant_value":true},"block_public_policy":{"constant_value":true},"bucket":{"references":["aws_s3_bucket.logs.id","aws_s3_bucket.logs"]},"ignore_public_acls":{"constant_value":true},"restrict_public_buckets":{"constant_value":true}},"schema_version":0},{"address":"aws_s3_bucket_server_side_encryption_configuration.logs","mode":"managed","type":"aws_s3_bucket_server_side_encryption_configuration","name":"logs","provider_config_key":"aws","expressions":{"bucket":{"references":["aws_s3_bucket.logs.id","aws_s3_bucket.logs"]},"rule":[{"apply_server_side_encryption_by_default":[{"sse_algorithm":{"constant_value":"AES256"}}]}]},"schema_version":0},{"address":"aws_security_group.alb","mode":"managed","type":"aws_security_group","name":"alb","provider_config_key":"aws","expressions":{"description":{"constant_value":"Allow HTTP/HTTPS inbound traffic to ALB"},"egress":{"constant_value":[{"cidr_blocks":["0.0.0.0/0"],"description":null,"from_port":0,"ipv6_cidr_blocks":null,"prefix_list_ids":null,"protocol":"-1","security_groups":null,"self":null,"to_port":0}]},"ingress":{"constant_value":[{"cidr_blocks":["0.0.0.0/0"],"description":null,"from_port":80,"ipv6_cidr_blocks":null,"prefix_list_ids":null,"protocol":"tcp","security_groups":null,"self":null,"to_port":80},{"cidr_blocks":["0.0.0.0/0"],"description":null,"from_port":443,"ipv6_cidr_blocks":null,"prefix_list_ids":null,"protocol":"tcp","security_groups":null,"self":null,"to_port":443}]},"name":{"references":["var.app_name"]},"tags":{"references":["var.app_name"]},"vpc_id":{"references":["aws_vpc.main.id","aws_vpc.main"]}},"schema_version":1},{"address":"aws_security_group.ec2","mode":"managed","type":"aws_security_group","name":"ec2","provider_config_key":"aws","expressions":{"description":{"constant_value":"Allow traffic from ALB to EC2"},"egress":{"constant_value":[{"cidr_blocks":["0.0.0.0/0"],"description":null,"from_port":0,"ipv6_cidr_blocks":null,"prefix_list_ids":null,"protocol":"-1","security_groups":null,"self":null,"to_port":0}]},"ingress":{"references":["aws_security_group.alb.id","aws_security_group.alb"]},"name":{"references":["var.app_name"]},"tags":{"references":["var.app_name"]},"vpc_id":{"references":["aws_vpc.main.id","aws_vpc.main"]}},"schema_version":1},{"address":"aws_subnet.public_a","mode":"managed","type":"aws_subnet","name":"public_a","provider_config_key":"aws","expressions":{"availability_zone":{"references":["data.aws_availability_zones.available.names[0]","data.aws_availability_zones.available.names","data.aws_availability_zones.available"]},"cidr_block":{"constant_value":"10.0.1.0/24"},"map_public_ip_on_launch":{"constant_value":true},"tags":{"references":["var.app_name"]},"vpc_id":{"references":["aws_vpc.main.id","aws_vpc.main"]}},"schema_version":1},{"address":"aws_subnet.public_b","mode":"managed","type":"aws_subnet","name":"public_b","provider_config_key":"aws","expressions":{"availability_zone":{"references":["data.aws_availability_zones.available.names[1]","data.aws_availability_zones.available.names","data.aws_availability_zones.available"]},"cidr_block":{"constant_value":"10.0.2.0/24"},"map_public_ip_on_launch":{"constant_value":true},"tags":{"references":["var.app_name"]},"vpc_id":{"references":["aws_vpc.main.id","aws_vpc.main"]}},"schema_version":1},{"address":"aws_vpc.main","mode":"managed","type":"aws_vpc","name":"main","provider_config_key":"aws","expressions":{"cidr_block":{"constant_value":"10.0.0.0/16"},"enable_dns_hostnames":{"constant_value":true},"enable_dns_support":{"constant_value":true},"tags":{"references":["var.app_name"]}},"schema_version":1},{"address":"random_id.suffix","mode":"managed","type":"random_id","name":"suffix","provider_config_key":"random","expressions":{"byte_length":{"constant_value":4}},"schema_version":0},{"address":"data.aws_availability_zones.available","mode":"data","type":"aws_availability_zones","name":"available","provider_config_key":"aws","schema_version":0},{"address":"data.aws_iam_policy_document.eb_ec2_assume_role_policy","mode":"data","type":"aws_iam_policy_document","name":"eb_ec2_assume_role_policy","provider_config_key":"aws","expressions":{"statement":[{"actions":{"constant_value":["sts:AssumeRole"]},"principals":[{"identifiers":{"constant_value":["ec2.amazonaws.com"]},"type":{"constant_value":"Service"}}]}]},"schema_version":0},{"address":"data.aws_iam_policy_document.eb_service_assume_role_policy","mode":"data","type":"aws_iam_policy_document","name":"eb_service_assume_role_policy","provider_config_key":"aws","expressions":{"statement":[{"actions":{"constant_value":["sts:AssumeRole"]},"principals":[{"identifiers":{"constant_value":["elasticbeanstalk.amazonaws.com"]},"type":{"constant_value":"Service"}}]}]},"schema_version":0}],"variables":{"app_name":{"default":"express-app","description":"Name of the application."},"aws_region":{"default":"us-east-1","description":"AWS region to deploy resources in."},"environment":{"default":"dev","description":"Deployment environment (e.g., dev, prod)."}}}},"relevant_attributes":[{"resource":"data.aws_iam_policy_document.eb_service_assume_role_policy","attribute":["json"]},{"resource":"aws_iam_role.eb_service_role","attribute":["arn"]},{"resource":"aws_iam_role.eb_ec2_role","attribute":["name"]},{"resource":"aws_s3_bucket.logs","attribute":["id"]},{"resource":"aws_route_table.public","attribute":["id"]},{"resource":"aws_iam_instance_profile.eb_ec2_instance_profile","attribute":["name"]},{"resource":"aws_security_group.alb","attribute":["id"]},{"resource":"aws_s3_bucket.logs","attribute":["bucket"]},{"resource":"data.aws_iam_policy_document.eb_ec2_assume_role_policy","attribute":["json"]},{"resource":"random_id.suffix","attribute":["hex"]},{"resource":"data.aws_availability_zones.available","attribute":["names",0]},{"resource":"aws_iam_role.eb_service_role","attribute":["name"]},{"resource":"data.aws_availability_zones.available","attribute":["names",1]},{"resource":"aws_vpc.main","attribute":["id"]},{"resource":"aws_elastic_beanstalk_environment.env","attribute":["endpoint_url"]},{"resource":"aws_security_group.ec2","attribute":["id"]},{"resource":"aws_subnet.public_a","attribute":["id"]},{"resource":"aws_internet_gateway.main","attribute":["id"]},{"resource":"aws_elastic_beanstalk_application.app","attribute":["name"]},{"resource":"aws_subnet.public_b","attribute":["id"]}],"timestamp":"2025-12-22T18:32:58Z","applyable":true,"complete":true,"errored":false}
