data.aws_iam_policy_document.eb_ec2_assume_role_policy: Reading...
data.aws_iam_policy_document.eb_service_assume_role_policy: Reading...
data.aws_availability_zones.available: Reading...
data.aws_iam_policy_document.eb_service_assume_role_policy: Read complete after 0s [id=2970054628]
data.aws_iam_policy_document.eb_ec2_assume_role_policy: Read complete after 0s [id=2851119427]
data.aws_availability_zones.available: Read complete after 0s [id=us-east-1]

Terraform used the selected providers to generate the following execution
plan. Resource actions are indicated with the following symbols:
  + create

Terraform will perform the following actions:

  # aws_elastic_beanstalk_application.app will be created
  + resource "aws_elastic_beanstalk_application" "app" {
      + arn         = (known after apply)
      + description = "Elastic Beanstalk Application for Express Node.js app"
      + id          = (known after apply)
      + name        = "express-app"
      + region      = "us-east-1"
      + tags_all    = (known after apply)
    }

  # aws_elastic_beanstalk_environment.env will be created
  + resource "aws_elastic_beanstalk_environment" "env" {
      + all_settings           = (known after apply)
      + application            = "express-app"
      + arn                    = (known after apply)
      + autoscaling_groups     = (known after apply)
      + cname                  = (known after apply)
      + cname_prefix           = (known after apply)
      + endpoint_url           = (known after apply)
      + id                     = (known after apply)
      + instances              = (known after apply)
      + launch_configurations  = (known after apply)
      + load_balancers         = (known after apply)
      + name                   = "express-app-dev"
      + platform_arn           = (known after apply)
      + queues                 = (known after apply)
      + region                 = "us-east-1"
      + solution_stack_name    = "64bit Amazon Linux 2 v5.8.4 running Node.js 18"
      + tags_all               = (known after apply)
      + tier                   = "WebServer"
      + triggers               = (known after apply)
      + version_label          = (known after apply)
      + wait_for_ready_timeout = "20m"

      + setting {
          + name      = "Application Healthcheck URL"
          + namespace = "aws:elasticbeanstalk:application"
          + value     = "/"
            # (1 unchanged attribute hidden)
        }
      + setting {
          + name      = "EnvironmentType"
          + namespace = "aws:elasticbeanstalk:environment"
          + value     = "LoadBalanced"
            # (1 unchanged attribute hidden)
        }
      + setting {
          + name      = "IamInstanceProfile"
          + namespace = "aws:autoscaling:launchconfiguration"
          + value     = "express-app-eb-ec2-instance-profile"
            # (1 unchanged attribute hidden)
        }
      + setting {
          + name      = "LoadBalancerSecurityGroups"
          + namespace = "aws:elasticbeanstalk:environment"
          + value     = (known after apply)
            # (1 unchanged attribute hidden)
        }
      + setting {
          + name      = "LoadBalancerType"
          + namespace = "aws:elasticbeanstalk:environment"
          + value     = "application"
            # (1 unchanged attribute hidden)
        }
      + setting {
          + name      = "NODE_ENV"
          + namespace = "aws:elasticbeanstalk:application:environment"
          + value     = "dev"
            # (1 unchanged attribute hidden)
        }
      + setting {
          + name      = "RetentionInDays"
          + namespace = "aws:elasticbeanstalk:cloudwatch:logs"
          + value     = "14"
            # (1 unchanged attribute hidden)
        }
      + setting {
          + name      = "SecurityGroups"
          + namespace = "aws:autoscaling:launchconfiguration"
          + value     = (known after apply)
            # (1 unchanged attribute hidden)
        }
      + setting {
          + name      = "ServiceRole"
          + namespace = "aws:elasticbeanstalk:environment"
          + value     = (known after apply)
            # (1 unchanged attribute hidden)
        }
      + setting {
          + name      = "StreamLogs"
          + namespace = "aws:elasticbeanstalk:cloudwatch:logs"
          + value     = "true"
            # (1 unchanged attribute hidden)
        }
      + setting {
          + name      = "Subnets"
          + namespace = "aws:ec2:vpc"
          + value     = (known after apply)
            # (1 unchanged attribute hidden)
        }
      + setting {
          + name      = "VPCId"
          + namespace = "aws:ec2:vpc"
          + value     = (known after apply)
            # (1 unchanged attribute hidden)
        }
    }

  # aws_iam_instance_profile.eb_ec2_instance_profile will be created
  + resource "aws_iam_instance_profile" "eb_ec2_instance_profile" {
      + arn         = (known after apply)
      + create_date = (known after apply)
      + id          = (known after apply)
      + name        = "express-app-eb-ec2-instance-profile"
      + name_prefix = (known after apply)
      + path        = "/"
      + role        = "express-app-eb-ec2-role"
      + tags_all    = (known after apply)
      + unique_id   = (known after apply)
    }

  # aws_iam_role.eb_ec2_role will be created
  + resource "aws_iam_role" "eb_ec2_role" {
      + arn                   = (known after apply)
      + assume_role_policy    = jsonencode(
            {
              + Statement = [
                  + {
                      + Action    = "sts:AssumeRole"
                      + Effect    = "Allow"
                      + Principal = {
                          + Service = "ec2.amazonaws.com"
                        }
                    },
                ]
              + Version   = "2012-10-17"
            }
        )
      + create_date           = (known after apply)
      + force_detach_policies = false
      + id                    = (known after apply)
      + managed_policy_arns   = (known after apply)
      + max_session_duration  = 3600
      + name                  = "express-app-eb-ec2-role"
      + name_prefix           = (known after apply)
      + path                  = "/"
      + tags_all              = (known after apply)
      + unique_id             = (known after apply)

      + inline_policy (known after apply)
    }

  # aws_iam_role.eb_service_role will be created
  + resource "aws_iam_role" "eb_service_role" {
      + arn                   = (known after apply)
      + assume_role_policy    = jsonencode(
            {
              + Statement = [
                  + {
                      + Action    = "sts:AssumeRole"
                      + Effect    = "Allow"
                      + Principal = {
                          + Service = "elasticbeanstalk.amazonaws.com"
                        }
                    },
                ]
              + Version   = "2012-10-17"
            }
        )
      + create_date           = (known after apply)
      + force_detach_policies = false
      + id                    = (known after apply)
      + managed_policy_arns   = (known after apply)
      + max_session_duration  = 3600
      + name                  = "express-app-eb-service-role"
      + name_prefix           = (known after apply)
      + path                  = "/"
      + tags_all              = (known after apply)
      + unique_id             = (known after apply)

      + inline_policy (known after apply)
    }

  # aws_iam_role_policy_attachment.eb_ec2_role_managed will be created
  + resource "aws_iam_role_policy_attachment" "eb_ec2_role_managed" {
      + id         = (known after apply)
      + policy_arn = "arn:aws:iam::aws:policy/AWSElasticBeanstalkWebTier"
      + role       = "express-app-eb-ec2-role"
    }

  # aws_iam_role_policy_attachment.eb_service_role_managed will be created
  + resource "aws_iam_role_policy_attachment" "eb_service_role_managed" {
      + id         = (known after apply)
      + policy_arn = "arn:aws:iam::aws:policy/service-role/AWSElasticBeanstalkEnhancedHealth"
      + role       = "express-app-eb-service-role"
    }

  # aws_internet_gateway.main will be created
  + resource "aws_internet_gateway" "main" {
      + arn      = (known after apply)
      + id       = (known after apply)
      + owner_id = (known after apply)
      + region   = "us-east-1"
      + tags     = {
          + "Name" = "express-app-igw"
        }
      + tags_all = {
          + "Name" = "express-app-igw"
        }
      + vpc_id   = (known after apply)
    }

  # aws_route.public_internet_access will be created
  + resource "aws_route" "public_internet_access" {
      + destination_cidr_block = "0.0.0.0/0"
      + gateway_id             = (known after apply)
      + id                     = (known after apply)
      + instance_id            = (known after apply)
      + instance_owner_id      = (known after apply)
      + network_interface_id   = (known after apply)
      + origin                 = (known after apply)
      + region                 = "us-east-1"
      + route_table_id         = (known after apply)
      + state                  = (known after apply)
    }

  # aws_route_table.public will be created
  + resource "aws_route_table" "public" {
      + arn              = (known after apply)
      + id               = (known after apply)
      + owner_id         = (known after apply)
      + propagating_vgws = (known after apply)
      + region           = "us-east-1"
      + route            = (known after apply)
      + tags             = {
          + "Name" = "express-app-public-rt"
        }
      + tags_all         = {
          + "Name" = "express-app-public-rt"
        }
      + vpc_id           = (known after apply)
    }

  # aws_route_table_association.public_a will be created
  + resource "aws_route_table_association" "public_a" {
      + id             = (known after apply)
      + region         = "us-east-1"
      + route_table_id = (known after apply)
      + subnet_id      = (known after apply)
    }

  # aws_route_table_association.public_b will be created
  + resource "aws_route_table_association" "public_b" {
      + id             = (known after apply)
      + region         = "us-east-1"
      + route_table_id = (known after apply)
      + subnet_id      = (known after apply)
    }

  # aws_s3_bucket.logs will be created
  + resource "aws_s3_bucket" "logs" {
      + acceleration_status         = (known after apply)
      + acl                         = (known after apply)
      + arn                         = (known after apply)
      + bucket                      = (known after apply)
      + bucket_domain_name          = (known after apply)
      + bucket_prefix               = (known after apply)
      + bucket_region               = (known after apply)
      + bucket_regional_domain_name = (known after apply)
      + force_destroy               = true
      + hosted_zone_id              = (known after apply)
      + id                          = (known after apply)
      + object_lock_enabled         = (known after apply)
      + policy                      = (known after apply)
      + region                      = "us-east-1"
      + request_payer               = (known after apply)
      + tags                        = {
          + "Name" = "express-app-logs"
        }
      + tags_all                    = {
          + "Name" = "express-app-logs"
        }
      + website_domain              = (known after apply)
      + website_endpoint            = (known after apply)

      + cors_rule (known after apply)

      + grant (known after apply)

      + lifecycle_rule (known after apply)

      + logging (known after apply)

      + object_lock_configuration (known after apply)

      + replication_configuration (known after apply)

      + server_side_encryption_configuration (known after apply)

      + versioning (known after apply)

      + website (known after apply)
    }

  # aws_s3_bucket_public_access_block.logs will be created
  + resource "aws_s3_bucket_public_access_block" "logs" {
      + block_public_acls       = true
      + block_public_policy     = true
      + bucket                  = (known after apply)
      + id                      = (known after apply)
      + ignore_public_acls      = true
      + region                  = "us-east-1"
      + restrict_public_buckets = true
    }

  # aws_s3_bucket_server_side_encryption_configuration.logs will be created
  + resource "aws_s3_bucket_server_side_encryption_configuration" "logs" {
      + bucket = (known after apply)
      + id     = (known after apply)
      + region = "us-east-1"

      + rule {
          + blocked_encryption_types = []

          + apply_server_side_encryption_by_default {
              + sse_algorithm     = "AES256"
                # (1 unchanged attribute hidden)
            }
        }
    }

  # aws_security_group.alb will be created
  + resource "aws_security_group" "alb" {
      + arn                    = (known after apply)
      + description            = "Allow HTTP/HTTPS inbound traffic to ALB"
      + egress                 = [
          + {
              + cidr_blocks      = [
                  + "0.0.0.0/0",
                ]
              + from_port        = 0
              + ipv6_cidr_blocks = []
              + prefix_list_ids  = []
              + protocol         = "-1"
              + security_groups  = []
              + self             = false
              + to_port          = 0
                # (1 unchanged attribute hidden)
            },
        ]
      + id                     = (known after apply)
      + ingress                = [
          + {
              + cidr_blocks      = [
                  + "0.0.0.0/0",
                ]
              + from_port        = 443
              + ipv6_cidr_blocks = []
              + prefix_list_ids  = []
              + protocol         = "tcp"
              + security_groups  = []
              + self             = false
              + to_port          = 443
                # (1 unchanged attribute hidden)
            },
          + {
              + cidr_blocks      = [
                  + "0.0.0.0/0",
                ]
              + from_port        = 80
              + ipv6_cidr_blocks = []
              + prefix_list_ids  = []
              + protocol         = "tcp"
              + security_groups  = []
              + self             = false
              + to_port          = 80
                # (1 unchanged attribute hidden)
            },
        ]
      + name                   = "express-app-alb-sg"
      + name_prefix            = (known after apply)
      + owner_id               = (known after apply)
      + region                 = "us-east-1"
      + revoke_rules_on_delete = false
      + tags                   = {
          + "Name" = "express-app-alb-sg"
        }
      + tags_all               = {
          + "Name" = "express-app-alb-sg"
        }
      + vpc_id                 = (known after apply)
    }

  # aws_security_group.ec2 will be created
  + resource "aws_security_group" "ec2" {
      + arn                    = (known after apply)
      + description            = "Allow traffic from ALB to EC2"
      + egress                 = [
          + {
              + cidr_blocks      = [
                  + "0.0.0.0/0",
                ]
              + from_port        = 0
              + ipv6_cidr_blocks = []
              + prefix_list_ids  = []
              + protocol         = "-1"
              + security_groups  = []
              + self             = false
              + to_port          = 0
                # (1 unchanged attribute hidden)
            },
        ]
      + id                     = (known after apply)
      + ingress                = [
          + {
              + cidr_blocks      = []
              + from_port        = 8080
              + ipv6_cidr_blocks = []
              + prefix_list_ids  = []
              + protocol         = "tcp"
              + security_groups  = (known after apply)
              + self             = false
              + to_port          = 8080
                # (1 unchanged attribute hidden)
            },
        ]
      + name                   = "express-app-ec2-sg"
      + name_prefix            = (known after apply)
      + owner_id               = (known after apply)
      + region                 = "us-east-1"
      + revoke_rules_on_delete = false
      + tags                   = {
          + "Name" = "express-app-ec2-sg"
        }
      + tags_all               = {
          + "Name" = "express-app-ec2-sg"
        }
      + vpc_id                 = (known after apply)
    }

  # aws_subnet.public_a will be created
  + resource "aws_subnet" "public_a" {
      + arn                                            = (known after apply)
      + assign_ipv6_address_on_creation                = false
      + availability_zone                              = "us-east-1a"
      + availability_zone_id                           = (known after apply)
      + cidr_block                                     = "10.0.1.0/24"
      + enable_dns64                                   = false
      + enable_resource_name_dns_a_record_on_launch    = false
      + enable_resource_name_dns_aaaa_record_on_launch = false
      + id                                             = (known after apply)
      + ipv6_cidr_block_association_id                 = (known after apply)
      + ipv6_native                                    = false
      + map_public_ip_on_launch                        = true
      + owner_id                                       = (known after apply)
      + private_dns_hostname_type_on_launch            = (known after apply)
      + region                                         = "us-east-1"
      + tags                                           = {
          + "Name" = "express-app-public-a"
        }
      + tags_all                                       = {
          + "Name" = "express-app-public-a"
        }
      + vpc_id                                         = (known after apply)
    }

  # aws_subnet.public_b will be created
  + resource "aws_subnet" "public_b" {
      + arn                                            = (known after apply)
      + assign_ipv6_address_on_creation                = false
      + availability_zone                              = "us-east-1b"
      + availability_zone_id                           = (known after apply)
      + cidr_block                                     = "10.0.2.0/24"
      + enable_dns64                                   = false
      + enable_resource_name_dns_a_record_on_launch    = false
      + enable_resource_name_dns_aaaa_record_on_launch = false
      + id                                             = (known after apply)
      + ipv6_cidr_block_association_id                 = (known after apply)
      + ipv6_native                                    = false
      + map_public_ip_on_launch                        = true
      + owner_id                                       = (known after apply)
      + private_dns_hostname_type_on_launch            = (known after apply)
      + region                                         = "us-east-1"
      + tags                                           = {
          + "Name" = "express-app-public-b"
        }
      + tags_all                                       = {
          + "Name" = "express-app-public-b"
        }
      + vpc_id                                         = (known after apply)
    }

  # aws_vpc.main will be created
  + resource "aws_vpc" "main" {
      + arn                                  = (known after apply)
      + cidr_block                           = "10.0.0.0/16"
      + default_network_acl_id               = (known after apply)
      + default_route_table_id               = (known after apply)
      + default_security_group_id            = (known after apply)
      + dhcp_options_id                      = (known after apply)
      + enable_dns_hostnames                 = true
      + enable_dns_support                   = true
      + enable_network_address_usage_metrics = (known after apply)
      + id                                   = (known after apply)
      + instance_tenancy                     = "default"
      + ipv6_association_id                  = (known after apply)
      + ipv6_cidr_block                      = (known after apply)
      + ipv6_cidr_block_network_border_group = (known after apply)
      + main_route_table_id                  = (known after apply)
      + owner_id                             = (known after apply)
      + region                               = "us-east-1"
      + tags                                 = {
          + "Name" = "express-app-vpc"
        }
      + tags_all                             = {
          + "Name" = "express-app-vpc"
        }
    }

  # random_id.suffix will be created
  + resource "random_id" "suffix" {
      + b64_std     = (known after apply)
      + b64_url     = (known after apply)
      + byte_length = 4
      + dec         = (known after apply)
      + hex         = (known after apply)
      + id          = (known after apply)
    }

Plan: 21 to add, 0 to change, 0 to destroy.

Changes to Outputs:
  + beanstalk_app_name = "express-app"
  + beanstalk_env_url  = (known after apply)
  + s3_logs_bucket     = (known after apply)
