
Terraform used the selected providers to generate the following execution
plan. Resource actions are indicated with the following symbols:
  + create

Terraform will perform the following actions:

  # aws_cloudwatch_log_group.app will be created
  + resource "aws_cloudwatch_log_group" "app" {
      + arn               = (known after apply)
      + id                = (known after apply)
      + log_group_class   = (known after apply)
      + name              = "/aws/nodejs-docker-example"
      + name_prefix       = (known after apply)
      + retention_in_days = 14
      + skip_destroy      = false
      + tags_all          = {
          + "Application" = "nodejs-docker-example"
          + "ManagedBy"   = "terraform"
        }
    }

  # aws_ecr_repository.app will be created
  + resource "aws_ecr_repository" "app" {
      + arn                  = (known after apply)
      + id                   = (known after apply)
      + image_tag_mutability = "MUTABLE"
      + name                 = "nodejs-docker-example"
      + registry_id          = (known after apply)
      + repository_url       = (known after apply)
      + tags_all             = {
          + "Application" = "nodejs-docker-example"
          + "ManagedBy"   = "terraform"
        }

      + image_scanning_configuration {
          + scan_on_push = true
        }
    }

Plan: 2 to add, 0 to change, 0 to destroy.

Changes to Outputs:
  + cloudwatch_log_group_name = "/aws/nodejs-docker-example"
  + ecr_repository_url        = (known after apply)
