{"format_version":"1.2","terraform_version":"1.13.5","variables":{"alarm_email":{"value":""},"app_name":{"value":"venmo-action-automation"},"aws_region":{"value":"us-east-1"},"venmo_auth_token":{"value":"ai-basis-tf"},"venmo_schedules":{"value":[]}},"planned_values":{"outputs":{"lambda_function_name":{"sensitive":false,"type":"string","value":"venmo-action-automation-handler"},"scheduler_schedule_names":{"sensitive":false,"type":["tuple",[]],"value":[]},"sns_topic_arn":{"sensitive":false}},"root_module":{"resources":[{"address":"aws_cloudwatch_metric_alarm.lambda_errors","mode":"managed","type":"aws_cloudwatch_metric_alarm","name":"lambda_errors","provider_name":"registry.terraform.io/hashicorp/aws","schema_version":1,"values":{"actions_enabled":true,"alarm_description":"Alarm when the Lambda function reports errors","alarm_name":"venmo-action-automation-lambda-errors","comparison_operator":"GreaterThanOrEqualToThreshold","datapoints_to_alarm":null,"dimensions":{"FunctionName":"venmo-action-automation-handler"},"evaluation_periods":1,"extended_statistic":null,"insufficient_data_actions":null,"metric_name":"Errors","metric_query":[],"namespace":"AWS/Lambda","ok_actions":null,"period":60,"statistic":"Sum","tags":null,"tags_all":{"Managed":"terraform","Project":"venmo-action-automation"},"threshold":1,"threshold_metric_id":null,"treat_missing_data":"missing","unit":null},"sensitive_values":{"alarm_actions":[],"dimensions":{},"metric_query":[],"tags_all":{}}},{"address":"aws_iam_role.lambda_role","mode":"managed","type":"aws_iam_role","name":"lambda_role","provider_name":"registry.terraform.io/hashicorp/aws","schema_version":0,"values":{"assume_role_policy":"{\"Statement\":[{\"Action\":\"sts:AssumeRole\",\"Effect\":\"Allow\",\"Principal\":{\"Service\":\"lambda.amazonaws.com\"}}],\"Version\":\"2012-10-17\"}","description":null,"force_detach_policies":false,"max_session_duration":3600,"name":"venmo-action-automation-lambda-role","path":"/","permissions_boundary":null,"tags":null,"tags_all":{"Managed":"terraform","Project":"venmo-action-automation"}},"sensitive_values":{"inline_policy":[],"managed_policy_arns":[],"tags_all":{}}},{"address":"aws_iam_role.scheduler_role","mode":"managed","type":"aws_iam_role","name":"scheduler_role","provider_name":"registry.terraform.io/hashicorp/aws","schema_version":0,"values":{"assume_role_policy":"{\"Statement\":[{\"Action\":\"sts:AssumeRole\",\"Effect\":\"Allow\",\"Principal\":{\"Service\":\"scheduler.amazonaws.com\"}}],\"Version\":\"2012-10-17\"}","description":null,"force_detach_policies":false,"max_session_duration":3600,"name":"venmo-action-automation-scheduler-role","path":"/","permissions_boundary":null,"tags":null,"tags_all":{"Managed":"terraform","Project":"venmo-action-automation"}},"sensitive_values":{"inline_policy":[],"managed_policy_arns":[],"tags_all":{}}},{"address":"aws_iam_role_policy.scheduler_invoke_lambda","mode":"managed","type":"aws_iam_role_policy","name":"scheduler_invoke_lambda","provider_name":"registry.terraform.io/hashicorp/aws","schema_version":0,"values":{"name":"venmo-action-automation-scheduler-invoke-lambda"},"sensitive_values":{}},{"address":"aws_iam_role_policy_attachment.lambda_basic","mode":"managed","type":"aws_iam_role_policy_attachment","name":"lambda_basic","provider_name":"registry.terraform.io/hashicorp/aws","schema_version":0,"values":{"policy_arn":"arn:aws:iam::aws:policy/service-role/AWSLambdaBasicExecutionRole","role":"venmo-action-automation-lambda-role"},"sensitive_values":{}},{"address":"aws_lambda_function.this","mode":"managed","type":"aws_lambda_function","name":"this","provider_name":"registry.terraform.io/hashicorp/aws","schema_version":0,"values":{"code_signing_config_arn":null,"dead_letter_config":[],"description":null,"environment":[{"variables":{"VENMO_AUTH_TOKEN":"ai-basis-tf"}}],"file_system_config":[],"filename":"./handler.zip","function_name":"venmo-action-automation-handler","handler":"handler.handler","image_config":[],"image_uri":null,"kms_key_arn":null,"layers":null,"memory_size":128,"package_type":"Zip","publish":false,"replace_security_groups_on_destroy":null,"replacement_security_group_ids":null,"reserved_concurrent_executions":-1,"runtime":"python3.11","s3_bucket":null,"s3_key":null,"s3_object_version":null,"skip_destroy":false,"snap_start":[],"source_code_hash":"09kKfsEd1TiKYp2YS+zAIdeCkyUBe5a+5wAgvwtFNfA=","tags":null,"tags_all":{"Managed":"terraform","Project":"venmo-action-automation"},"timeout":30,"timeouts":null,"vpc_config":[]},"sensitive_values":{"architectures":[],"dead_letter_config":[],"environment":[{"variables":{"VENMO_AUTH_TOKEN":true}}],"ephemeral_storage":[],"file_system_config":[],"image_config":[],"logging_config":[],"snap_start":[],"tags_all":{},"tracing_config":[],"vpc_config":[]}},{"address":"aws_sns_topic.alarms","mode":"managed","type":"aws_sns_topic","name":"alarms","provider_name":"registry.terraform.io/hashicorp/aws","schema_version":0,"values":{"application_failure_feedback_role_arn":null,"application_success_feedback_role_arn":null,"application_success_feedback_sample_rate":null,"archive_policy":null,"content_based_deduplication":false,"delivery_policy":null,"display_name":null,"fifo_topic":false,"firehose_failure_feedback_role_arn":null,"firehose_success_feedback_role_arn":null,"firehose_success_feedback_sample_rate":null,"http_failure_feedback_role_arn":null,"http_success_feedback_role_arn":null,"http_success_feedback_sample_rate":null,"kms_master_key_id":null,"lambda_failure_feedback_role_arn":null,"lambda_success_feedback_role_arn":null,"lambda_success_feedback_sample_rate":null,"name":"venmo-action-automation-alarms","sqs_failure_feedback_role_arn":null,"sqs_success_feedback_role_arn":null,"sqs_success_feedback_sample_rate":null,"tags":null,"tags_all":{"Managed":"terraform","Project":"venmo-action-automation"}},"sensitive_values":{"tags_all":{}}}]}},"resource_changes":[{"address":"aws_cloudwatch_metric_alarm.lambda_errors","mode":"managed","type":"aws_cloudwatch_metric_alarm","name":"lambda_errors","provider_name":"registry.terraform.io/hashicorp/aws","change":{"actions":["create"],"before":null,"after":{"actions_enabled":true,"alarm_description":"Alarm when the Lambda function reports errors","alarm_name":"venmo-action-automation-lambda-errors","comparison_operator":"GreaterThanOrEqualToThreshold","datapoints_to_alarm":null,"dimensions":{"FunctionName":"venmo-action-automation-handler"},"evaluation_periods":1,"extended_statistic":null,"insufficient_data_actions":null,"metric_name":"Errors","metric_query":[],"namespace":"AWS/Lambda","ok_actions":null,"period":60,"statistic":"Sum","tags":null,"tags_all":{"Managed":"terraform","Project":"venmo-action-automation"},"threshold":1,"threshold_metric_id":null,"treat_missing_data":"missing","unit":null},"after_unknown":{"alarm_actions":true,"arn":true,"dimensions":{},"evaluate_low_sample_count_percentiles":true,"id":true,"metric_query":[],"tags_all":{}},"before_sensitive":false,"after_sensitive":{"alarm_actions":[],"dimensions":{},"metric_query":[],"tags_all":{}}}},{"address":"aws_iam_role.lambda_role","mode":"managed","type":"aws_iam_role","name":"lambda_role","provider_name":"registry.terraform.io/hashicorp/aws","change":{"actions":["create"],"before":null,"after":{"assume_role_policy":"{\"Statement\":[{\"Action\":\"sts:AssumeRole\",\"Effect\":\"Allow\",\"Principal\":{\"Service\":\"lambda.amazonaws.com\"}}],\"Version\":\"2012-10-17\"}","description":null,"force_detach_policies":false,"max_session_duration":3600,"name":"venmo-action-automation-lambda-role","path":"/","permissions_boundary":null,"tags":null,"tags_all":{"Managed":"terraform","Project":"venmo-action-automation"}},"after_unknown":{"arn":true,"create_date":true,"id":true,"inline_policy":true,"managed_policy_arns":true,"name_prefix":true,"tags_all":{},"unique_id":true},"before_sensitive":false,"after_sensitive":{"inline_policy":[],"managed_policy_arns":[],"tags_all":{}}}},{"address":"aws_iam_role.scheduler_role","mode":"managed","type":"aws_iam_role","name":"scheduler_role","provider_name":"registry.terraform.io/hashicorp/aws","change":{"actions":["create"],"before":null,"after":{"assume_role_policy":"{\"Statement\":[{\"Action\":\"sts:AssumeRole\",\"Effect\":\"Allow\",\"Principal\":{\"Service\":\"scheduler.amazonaws.com\"}}],\"Version\":\"2012-10-17\"}","description":null,"force_detach_policies":false,"max_session_duration":3600,"name":"venmo-action-automation-scheduler-role","path":"/","permissions_boundary":null,"tags":null,"tags_all":{"Managed":"terraform","Project":"venmo-action-automation"}},"after_unknown":{"arn":true,"create_date":true,"id":true,"inline_policy":true,"managed_policy_arns":true,"name_prefix":true,"tags_all":{},"unique_id":true},"before_sensitive":false,"after_sensitive":{"inline_policy":[],"managed_policy_arns":[],"tags_all":{}}}},{"address":"aws_iam_role_policy.scheduler_invoke_lambda","mode":"managed","type":"aws_iam_role_policy","name":"scheduler_invoke_lambda","provider_name":"registry.terraform.io/hashicorp/aws","change":{"actions":["create"],"before":null,"after":{"name":"venmo-action-automation-scheduler-invoke-lambda"},"after_unknown":{"id":true,"name_prefix":true,"policy":true,"role":true},"before_sensitive":false,"after_sensitive":{}}},{"address":"aws_iam_role_policy_attachment.lambda_basic","mode":"managed","type":"aws_iam_role_policy_attachment","name":"lambda_basic","provider_name":"registry.terraform.io/hashicorp/aws","change":{"actions":["create"],"before":null,"after":{"policy_arn":"arn:aws:iam::aws:policy/service-role/AWSLambdaBasicExecutionRole","role":"venmo-action-automation-lambda-role"},"after_unknown":{"id":true},"before_sensitive":false,"after_sensitive":{}}},{"address":"aws_lambda_function.this","mode":"managed","type":"aws_lambda_function","name":"this","provider_name":"registry.terraform.io/hashicorp/aws","change":{"actions":["create"],"before":null,"after":{"code_signing_config_arn":null,"dead_letter_config":[],"description":null,"environment":[{"variables":{"VENMO_AUTH_TOKEN":"ai-basis-tf"}}],"file_system_config":[],"filename":"./handler.zip","function_name":"venmo-action-automation-handler","handler":"handler.handler","image_config":[],"image_uri":null,"kms_key_arn":null,"layers":null,"memory_size":128,"package_type":"Zip","publish":false,"replace_security_groups_on_destroy":null,"replacement_security_group_ids":null,"reserved_concurrent_executions":-1,"runtime":"python3.11","s3_bucket":null,"s3_key":null,"s3_object_version":null,"skip_destroy":false,"snap_start":[],"source_code_hash":"09kKfsEd1TiKYp2YS+zAIdeCkyUBe5a+5wAgvwtFNfA=","tags":null,"tags_all":{"Managed":"terraform","Project":"venmo-action-automation"},"timeout":30,"timeouts":null,"vpc_config":[]},"after_unknown":{"architectures":true,"arn":true,"code_sha256":true,"dead_letter_config":[],"environment":[{"variables":{}}],"ephemeral_storage":true,"file_system_config":[],"id":true,"image_config":[],"invoke_arn":true,"last_modified":true,"logging_config":true,"qualified_arn":true,"qualified_invoke_arn":true,"role":true,"signing_job_arn":true,"signing_profile_version_arn":true,"snap_start":[],"source_code_size":true,"tags_all":{},"tracing_config":true,"version":true,"vpc_config":[]},"before_sensitive":false,"after_sensitive":{"architectures":[],"dead_letter_config":[],"environment":[{"variables":{"VENMO_AUTH_TOKEN":true}}],"ephemeral_storage":[],"file_system_config":[],"image_config":[],"logging_config":[],"snap_start":[],"tags_all":{},"tracing_config":[],"vpc_config":[]}}},{"address":"aws_sns_topic.alarms","mode":"managed","type":"aws_sns_topic","name":"alarms","provider_name":"registry.terraform.io/hashicorp/aws","change":{"actions":["create"],"before":null,"after":{"application_failure_feedback_role_arn":null,"application_success_feedback_role_arn":null,"application_success_feedback_sample_rate":null,"archive_policy":null,"content_based_deduplication":false,"delivery_policy":null,"display_name":null,"fifo_topic":false,"firehose_failure_feedback_role_arn":null,"firehose_success_feedback_role_arn":null,"firehose_success_feedback_sample_rate":null,"http_failure_feedback_role_arn":null,"http_success_feedback_role_arn":null,"http_success_feedback_sample_rate":null,"kms_master_key_id":null,"lambda_failure_feedback_role_arn":null,"lambda_success_feedback_role_arn":null,"lambda_success_feedback_sample_rate":null,"name":"venmo-action-automation-alarms","sqs_failure_feedback_role_arn":null,"sqs_success_feedback_role_arn":null,"sqs_success_feedback_sample_rate":null,"tags":null,"tags_all":{"Managed":"terraform","Project":"venmo-action-automation"}},"after_unknown":{"arn":true,"beginning_archive_time":true,"fifo_throughput_scope":true,"id":true,"name_prefix":true,"owner":true,"policy":true,"signature_version":true,"tags_all":{},"tracing_config":true},"before_sensitive":false,"after_sensitive":{"tags_all":{}}}}],"output_changes":{"lambda_function_name":{"actions":["create"],"before":null,"after":"venmo-action-automation-handler","after_unknown":false,"before_sensitive":false,"after_sensitive":false},"scheduler_schedule_names":{"actions":["create"],"before":null,"after":[],"after_unknown":false,"before_sensitive":false,"after_sensitive":false},"sns_topic_arn":{"actions":["create"],"before":null,"after_unknown":true,"before_sensitive":false,"after_sensitive":false}},"prior_state":{"format_version":"1.0","terraform_version":"1.13.5","values":{"outputs":{"lambda_function_name":{"sensitive":false,"value":"venmo-action-automation-handler","type":"string"},"scheduler_schedule_names":{"sensitive":false,"value":[],"type":["tuple",[]]}},"root_module":{"resources":[{"address":"data.archive_file.lambda_dummy","mode":"data","type":"archive_file","name":"lambda_dummy","provider_name":"registry.terraform.io/hashicorp/archive","schema_version":0,"values":{"exclude_symlink_directories":null,"excludes":null,"id":"58e93fade67637870be5af38eff8d5aa66c7da49","output_base64sha256":"wmbalFzzY/wG3ivChKElOZB3+B4gptmQyIat05p+fU4=","output_base64sha512":"BQYAg1LwEY4tDmry1VoRx6StX0vjH+7LpfB5KAZLVvfJQjioPbBv1QxI6QF6P2U614fU3h9XKBCb9z5Y1ornqA==","output_file_mode":null,"output_md5":"a0dbd832a6a977d6d5b28ea5c85e30fb","output_path":"./.dummy/lambda.zip","output_sha":"58e93fade67637870be5af38eff8d5aa66c7da49","output_sha256":"c266da945cf363fc06de2bc284a125399077f81e20a6d990c886add39a7e7d4e","output_sha512":"0506008352f0118e2d0e6af2d55a11c7a4ad5f4be31feecba5f07928064b56f7c94238a83db06fd50c48e9017a3f653ad787d4de1f5728109bf73e58d68ae7a8","output_size":246,"source":[{"content":"exports.handler = async (event) =\u003e {\n  console.log(\"Dummy lambda invoked\");\n  return { statusCode: 200, body: \"dummy\" };\n};\n","filename":"index.js"}],"source_content":null,"source_content_filename":null,"source_dir":null,"source_file":null,"type":"zip"},"sensitive_values":{"source":[{}]}},{"address":"data.archive_file.lambda_zip","mode":"data","type":"archive_file","name":"lambda_zip","provider_name":"registry.terraform.io/hashicorp/archive","schema_version":0,"values":{"exclude_symlink_directories":null,"excludes":null,"id":"c87e8cc84e677c80a616b9e8da989e9167e813b9","output_base64sha256":"09kKfsEd1TiKYp2YS+zAIdeCkyUBe5a+5wAgvwtFNfA=","output_base64sha512":"ryl4TOs2c/XWZ3qIgC0wu4YPZn4x7jrIL81pl+1xKR4nC85z3/fugbV7gieQqZgwJcQRH3QykLinUdJxPZ20uQ==","output_file_mode":null,"output_md5":"b6c2caaf0ad0d1a3acffec134cb3fded","output_path":"./handler.zip","output_sha":"c87e8cc84e677c80a616b9e8da989e9167e813b9","output_sha256":"d3d90a7ec11dd5388a629d984becc021d7829325017b96bee70020bf0b4535f0","output_sha512":"af29784ceb3673f5d6677a88802d30bb860f667e31ee3ac82fcd6997ed71291e270bce73dff7ee81b57b822790a9983025c4111f743290b8a751d2713d9db4b9","output_size":657,"source":[{"content":"from venmo_api import Client\nimport os\n\nAUTH_TOKEN = os.environ[\"VENMO_AUTH_TOKEN\"]\n\n\ndef handler(event, context):\n    amount = event[\"amount\"]\n    action = event[\"action\"]\n    note = event[\"note\"]\n    recipient_user_name = event[\"recipient_user_name\"]\n\n    try:\n        print(\"Creating client\")\n        client = Client(access_token=AUTH_TOKEN)\n        recipient_user_id = client.user.search_for_users(recipient_user_name)[0].id\n        print(\n            f\"Sending {action} to {recipient_user_name}:{recipient_user_id}; amount: {amount}, note: {note}\"\n        )\n        if action == \"request\":\n            client.payment.request_money(\n                amount=amount,\n                note=note,\n                target_user_id=recipient_user_id,\n            )\n        elif action == \"payment\":\n            client.payment.send_money(\n                amount=amount,\n                note=note,\n                target_user_id=recipient_user_id,\n            )\n        else:\n            raise Exception(\n                \"Invalid action provided. Valid actions are 'payment' and 'request'\"\n            )\n\n        return {\n            \"statusCode\": 200,\n            \"headers\": {\"Content-Type\": \"application/json\"},\n            \"body\": f\"{amount} {action} sent to {recipient_user_name}!\",\n        }\n\n    except Exception as e:\n        raise RuntimeError(f\"An exception occured: {e}\")\n","filename":"handler.py"}],"source_content":null,"source_content_filename":null,"source_dir":null,"source_file":null,"type":"zip"},"sensitive_values":{"source":[{}]}}]}}},"configuration":{"provider_config":{"archive":{"name":"archive","full_name":"registry.terraform.io/hashicorp/archive","version_constraint":"~\u003e 2.4"},"aws":{"name":"aws","full_name":"registry.terraform.io/hashicorp/aws","version_constraint":"~\u003e 5.0","expressions":{"default_tags":[{"tags":{"references":["var.app_name"]}}],"region":{"references":["var.aws_region"]}}}},"root_module":{"outputs":{"lambda_function_name":{"expression":{"references":["aws_lambda_function.this.function_name","aws_lambda_function.this"]},"description":"Deployed Lambda function name"},"scheduler_schedule_names":{"expression":{"references":["aws_scheduler_schedule.venmo"]},"description":"Names of created EventBridge Scheduler schedules"},"sns_topic_arn":{"expression":{"references":["aws_sns_topic.alarms.arn","aws_sns_topic.alarms"]},"description":"SNS topic ARN for alarms"}},"resources":[{"address":"aws_cloudwatch_metric_alarm.lambda_errors","mode":"managed","type":"aws_cloudwatch_metric_alarm","name":"lambda_errors","provider_config_key":"aws","expressions":{"alarm_actions":{"references":["aws_sns_topic.alarms.arn","aws_sns_topic.alarms"]},"alarm_description":{"constant_value":"Alarm when the Lambda function reports errors"},"alarm_name":{"references":["var.app_name"]},"comparison_operator":{"constant_value":"GreaterThanOrEqualToThreshold"},"dimensions":{"references":["aws_lambda_function.this.function_name","aws_lambda_function.this"]},"evaluation_periods":{"constant_value":1},"metric_name":{"constant_value":"Errors"},"namespace":{"constant_value":"AWS/Lambda"},"period":{"constant_value":60},"statistic":{"constant_value":"Sum"},"threshold":{"constant_value":1}},"schema_version":1},{"address":"aws_iam_role.lambda_role","mode":"managed","type":"aws_iam_role","name":"lambda_role","provider_config_key":"aws","expressions":{"assume_role_policy":{},"name":{"references":["var.app_name"]}},"schema_version":0},{"address":"aws_iam_role.scheduler_role","mode":"managed","type":"aws_iam_role","name":"scheduler_role","provider_config_key":"aws","expressions":{"assume_role_policy":{},"name":{"references":["var.app_name"]}},"schema_version":0},{"address":"aws_iam_role_policy.scheduler_invoke_lambda","mode":"managed","type":"aws_iam_role_policy","name":"scheduler_invoke_lambda","provider_config_key":"aws","expressions":{"name":{"references":["var.app_name"]},"policy":{"references":["aws_lambda_function.this.arn","aws_lambda_function.this"]},"role":{"references":["aws_iam_role.scheduler_role.id","aws_iam_role.scheduler_role"]}},"schema_version":0},{"address":"aws_iam_role_policy_attachment.lambda_basic","mode":"managed","type":"aws_iam_role_policy_attachment","name":"lambda_basic","provider_config_key":"aws","expressions":{"policy_arn":{"constant_value":"arn:aws:iam::aws:policy/service-role/AWSLambdaBasicExecutionRole"},"role":{"references":["aws_iam_role.lambda_role.name","aws_iam_role.lambda_role"]}},"schema_version":0},{"address":"aws_lambda_function.this","mode":"managed","type":"aws_lambda_function","name":"this","provider_config_key":"aws","expressions":{"environment":[{"variables":{"references":["var.venmo_auth_token"]}}],"filename":{"references":["data.archive_file.lambda_zip.output_path","data.archive_file.lambda_zip"]},"function_name":{"references":["local.lambda_name"]},"handler":{"constant_value":"handler.handler"},"memory_size":{"constant_value":128},"role":{"references":["aws_iam_role.lambda_role.arn","aws_iam_role.lambda_role"]},"runtime":{"constant_value":"python3.11"},"source_code_hash":{"references":["data.archive_file.lambda_zip.output_base64sha256","data.archive_file.lambda_zip"]},"timeout":{"constant_value":30}},"schema_version":0},{"address":"aws_scheduler_schedule.venmo","mode":"managed","type":"aws_scheduler_schedule","name":"venmo","provider_config_key":"aws","expressions":{"description":{"references":["each.value.description","each.value"]},"flexible_time_window":[{"mode":{"constant_value":"OFF"}}],"name":{"references":["each.value.name","each.value"]},"schedule_expression":{"references":["each.value.cron_expression","each.value"]},"target":[{"arn":{"references":["aws_lambda_function.this.arn","aws_lambda_function.this"]},"input":{"references":["each.value.payload","each.value"]},"role_arn":{"references":["aws_iam_role.scheduler_role.arn","aws_iam_role.scheduler_role"]}}]},"schema_version":0,"for_each_expression":{"references":["var.venmo_schedules"]}},{"address":"aws_sns_topic.alarms","mode":"managed","type":"aws_sns_topic","name":"alarms","provider_config_key":"aws","expressions":{"name":{"references":["var.app_name"]}},"schema_version":0},{"address":"aws_sns_topic_subscription.email","mode":"managed","type":"aws_sns_topic_subscription","name":"email","provider_config_key":"aws","expressions":{"endpoint":{"references":["var.alarm_email"]},"protocol":{"constant_value":"email"},"topic_arn":{"references":["aws_sns_topic.alarms.arn","aws_sns_topic.alarms"]}},"schema_version":0,"count_expression":{"references":["var.alarm_email"]}},{"address":"data.archive_file.lambda_dummy","mode":"data","type":"archive_file","name":"lambda_dummy","provider_config_key":"archive","expressions":{"output_path":{"references":["local.lambda_dummy_zip"]},"source":[{"content":{"constant_value":"exports.handler = async (event) =\u003e {\n  console.log(\"Dummy lambda invoked\");\n  return { statusCode: 200, body: \"dummy\" };\n};\n"},"filename":{"constant_value":"index.js"}}],"type":{"constant_value":"zip"}},"schema_version":0},{"address":"data.archive_file.lambda_zip","mode":"data","type":"archive_file","name":"lambda_zip","provider_config_key":"archive","expressions":{"output_path":{"references":["path.module"]},"source":[{"content":{"references":["path.module"]},"filename":{"constant_value":"handler.py"}}],"type":{"constant_value":"zip"}},"schema_version":0}],"variables":{"alarm_email":{"default":"","description":"Email address to subscribe to SNS topic for Lambda failure alarms"},"app_name":{"default":"venmo-action-automation","description":"Application name used for resource naming"},"aws_region":{"default":"us-east-1","description":"AWS region to deploy into"},"venmo_auth_token":{"description":"Venmo API access token used by the Lambda function","sensitive":true},"venmo_schedules":{"default":[],"description":"List of EventBridge schedules to trigger the Lambda with a JSON payload"}}}},"relevant_attributes":[{"resource":"data.archive_file.lambda_zip","attribute":["output_path"]},{"resource":"aws_iam_role.lambda_role","attribute":["name"]},{"resource":"aws_iam_role.scheduler_role","attribute":["id"]},{"resource":"aws_lambda_function.this","attribute":["arn"]},{"resource":"data.archive_file.lambda_zip","attribute":["output_base64sha256"]},{"resource":"aws_iam_role.lambda_role","attribute":["arn"]},{"resource":"aws_sns_topic.alarms","attribute":["arn"]},{"resource":"aws_lambda_function.this","attribute":["function_name"]},{"resource":"aws_iam_role.scheduler_role","attribute":["arn"]},{"resource":"aws_scheduler_schedule.venmo","attribute":[]}],"timestamp":"2026-01-27T05:48:25Z","applyable":true,"complete":true,"errored":false}
