data.aws_iam_policy_document.sfn_assume: Reading...
data.aws_iam_policy_document.sfn_assume: Read complete after 0s [id=4022981484]

Terraform used the selected providers to generate the following execution
plan. Resource actions are indicated with the following symbols:
  + create
 <= read (data resources)

Terraform will perform the following actions:

  # data.aws_iam_policy_document.sfn_policy will be read during apply
  # (config refers to values not yet known)
 <= data "aws_iam_policy_document" "sfn_policy" {
      + id            = (known after apply)
      + json          = (known after apply)
      + minified_json = (known after apply)

      + statement {
          + actions   = [
              + "rekognition:DetectFaces",
              + "rekognition:DetectLabels",
              + "rekognition:DetectModerationLabels",
              + "rekognition:DetectProtectiveEquipment",
              + "rekognition:DetectText",
            ]
          + effect    = "Allow"
          + resources = [
              + "*",
            ]
          + sid       = "RekognitionReadWrite"
        }
      + statement {
          + actions   = [
              + "s3:GetObject",
              + "s3:ListBucket",
              + "s3:PutObject",
            ]
          + effect    = "Allow"
          + resources = [
              + (known after apply),
              + (known after apply),
            ]
          + sid       = "S3Artifacts"
        }
      + statement {
          + actions   = [
              + "logs:CreateLogGroup",
              + "logs:CreateLogStream",
              + "logs:PutLogEvents",
            ]
          + effect    = "Allow"
          + resources = [
              + "*",
            ]
          + sid       = "CloudWatchLogs"
        }
    }

  # aws_iam_role.sfn will be created
  + resource "aws_iam_role" "sfn" {
      + arn                   = (known after apply)
      + assume_role_policy    = jsonencode(
            {
              + Statement = [
                  + {
                      + Action    = "sts:AssumeRole"
                      + Effect    = "Allow"
                      + Principal = {
                          + Service = "states.amazonaws.com"
                        }
                    },
                ]
              + Version   = "2012-10-17"
            }
        )
      + create_date           = (known after apply)
      + force_detach_policies = false
      + id                    = (known after apply)
      + managed_policy_arns   = (known after apply)
      + max_session_duration  = 3600
      + name                  = (known after apply)
      + name_prefix           = (known after apply)
      + path                  = "/"
      + tags_all              = {
          + "Managed" = "terraform"
          + "Project" = "aws-rekognition"
        }
      + unique_id             = (known after apply)

      + inline_policy (known after apply)
    }

  # aws_iam_role_policy.sfn_inline will be created
  + resource "aws_iam_role_policy" "sfn_inline" {
      + id          = (known after apply)
      + name        = "aws-rekognition-sfn-policy"
      + name_prefix = (known after apply)
      + policy      = (known after apply)
      + role        = (known after apply)
    }

  # aws_s3_bucket.artifacts will be created
  + resource "aws_s3_bucket" "artifacts" {
      + acceleration_status         = (known after apply)
      + acl                         = (known after apply)
      + arn                         = (known after apply)
      + bucket                      = (known after apply)
      + bucket_domain_name          = (known after apply)
      + bucket_prefix               = (known after apply)
      + bucket_regional_domain_name = (known after apply)
      + force_destroy               = true
      + hosted_zone_id              = (known after apply)
      + id                          = (known after apply)
      + object_lock_enabled         = (known after apply)
      + policy                      = (known after apply)
      + region                      = (known after apply)
      + request_payer               = (known after apply)
      + tags_all                    = {
          + "Managed" = "terraform"
          + "Project" = "aws-rekognition"
        }
      + website_domain              = (known after apply)
      + website_endpoint            = (known after apply)

      + cors_rule (known after apply)

      + grant (known after apply)

      + lifecycle_rule (known after apply)

      + logging (known after apply)

      + object_lock_configuration (known after apply)

      + replication_configuration (known after apply)

      + server_side_encryption_configuration (known after apply)

      + versioning (known after apply)

      + website (known after apply)
    }

  # aws_s3_bucket_public_access_block.artifacts will be created
  + resource "aws_s3_bucket_public_access_block" "artifacts" {
      + block_public_acls       = true
      + block_public_policy     = true
      + bucket                  = (known after apply)
      + id                      = (known after apply)
      + ignore_public_acls      = true
      + restrict_public_buckets = true
    }

  # aws_sfn_state_machine.rekognition will be created
  + resource "aws_sfn_state_machine" "rekognition" {
      + arn                       = (known after apply)
      + creation_date             = (known after apply)
      + definition                = jsonencode(
            {
              + StartAt = "Map"
              + States  = {
                  + Map = {
                      + End           = true
                      + ItemProcessor = {
                          + ProcessorConfig = {
                              + Mode = "INLINE"
                            }
                          + StartAt         = "CheckEventSource"
                          + States          = {
                              + CheckBody               = {
                                  + Choices = [
                                      + {
                                          + And  = [
                                              + {
                                                  + IsPresent = true
                                                  + Variable  = "$.body"
                                                },
                                              + {
                                                  + IsString = true
                                                  + Variable = "$.body"
                                                },
                                            ]
                                          + Next = "PassBody"
                                        },
                                    ]
                                  + Default = "SuccessCheckBody"
                                  + Type    = "Choice"
                                }
                              + CheckBodyRecords        = {
                                  + Choices   = [
                                      + {
                                          + IsPresent = true
                                          + Next      = "MapBodyRecords"
                                          + Variable  = "$.Records"
                                        },
                                    ]
                                  + Default   = "SuccessCheckBodyRecords"
                                  + InputPath = "$.body"
                                  + Type      = "Choice"
                                }
                              + CheckEventSource        = {
                                  + Choices = [
                                      + {
                                          + And  = [
                                              + {
                                                  + IsPresent = true
                                                  + Variable  = "$.eventSource"
                                                },
                                              + {
                                                  + IsString = true
                                                  + Variable = "$.eventSource"
                                                },
                                              + {
                                                  + StringEquals = "aws:sqs"
                                                  + Variable     = "$.eventSource"
                                                },
                                            ]
                                          + Next = "CheckBody"
                                        },
                                    ]
                                  + Default = "SuccessCheckEventSource"
                                  + Type    = "Choice"
                                }
                              + MapBodyRecords          = {
                                  + End           = true
                                  + ItemProcessor = {
                                      + ProcessorConfig = {
                                          + Mode = "INLINE"
                                        }
                                      + StartAt         = "CheckBodyRecordEventSource"
                                      + States          = {
                                          + CheckBodyRecordEventName          = {
                                              + Choices = [
                                                  + {
                                                      + And  = [
                                                          + {
                                                              + IsPresent = true
                                                              + Variable  = "$.eventName"
                                                            },
                                                          + {
                                                              + IsString = true
                                                              + Variable = "$.eventName"
                                                            },
                                                          + {
                                                              + Or = [
                                                                  + {
                                                                      + StringEquals = "ObjectCreated:CompleteMultipartUpload"
                                                                      + Variable     = "$.eventName"
                                                                    },
                                                                  + {
                                                                      + StringEquals = "ObjectCreated:Copy"
                                                                      + Variable     = "$.eventName"
                                                                    },
                                                                  + {
                                                                      + StringEquals = "ObjectCreated:Post"
                                                                      + Variable     = "$.eventName"
                                                                    },
                                                                  + {
                                                                      + StringEquals = "ObjectCreated:Put"
                                                                      + Variable     = "$.eventName"
                                                                    },
                                                                ]
                                                            },
                                                        ]
                                                      + Next = "CheckBodyRecordS3"
                                                    },
                                                ]
                                              + Default = "SuccessCheckBodyRecordEventName"
                                              + Type    = "Choice"
                                            }
                                          + CheckBodyRecordEventSource        = {
                                              + Choices = [
                                                  + {
                                                      + And  = [
                                                          + {
                                                              + IsPresent = true
                                                              + Variable  = "$.eventSource"
                                                            },
                                                          + {
                                                              + IsString = true
                                                              + Variable = "$.eventSource"
                                                            },
                                                          + {
                                                              + StringEquals = "aws:s3"
                                                              + Variable     = "$.eventSource"
                                                            },
                                                        ]
                                                      + Next = "CheckBodyRecordEventName"
                                                    },
                                                ]
                                              + Default = "SuccessCheckBodyRecordEventSource"
                                              + Type    = "Choice"
                                            }
                                          + CheckBodyRecordS3                 = {
                                              + Choices = [
                                                  + {
                                                      + IsPresent = true
                                                      + Next      = "PassBodyRecordS3"
                                                      + Variable  = "$.s3"
                                                    },
                                                ]
                                              + Default = "Success"
                                              + Type    = "Choice"
                                            }
                                          + ParallelRekognitionStateMachines  = {
                                              + Branches   = [
                                                  + {
                                                      + StartAt = "StartExecutionRekognitionDetectFaces"
                                                      + States  = {
                                                          + PutObjectRekognitionDetectFaces      = {
                                                              + End        = true
                                                              + Parameters = {
                                                                  + "Body.$"   = "$"
                                                                  + "Bucket.$" = "$.S3.Bucket.Name"
                                                                  + "Key.$"    = "States.Format('${s3_object_rekognition_detect_faces}{}.json', $.S3.Object.ETag)"
                                                                }
                                                              + Resource   = "arn:aws:states:::aws-sdk:s3:putObject"
                                                              + Type       = "Task"
                                                            }
                                                          + StartExecutionRekognitionDetectFaces = {
                                                              + Next       = "PutObjectRekognitionDetectFaces"
                                                              + OutputPath = "$.Output"
                                                              + Parameters = {
                                                                  + Input           = {
                                                                      + "AWS_STEP_FUNCTIONS_STARTED_BY_EXECUTION_ID.$" = "$$.Execution.Id"
                                                                      + "StatePayload.$"                               = "$"
                                                                      + "TaskToken.$"                                  = "$$.Task.Token"
                                                                    }
                                                                  + StateMachineArn = "${rekognition_detect_faces}"
                                                                }
                                                              + Resource   = "arn:aws:states:::states:startExecution.sync:2"
                                                              + Type       = "Task"
                                                            }
                                                        }
                                                    },
                                                  + {
                                                      + StartAt = "StartExecutionRekognitionDetectLabels"
                                                      + States  = {
                                                          + PutObjectRekognitionDetectLabels      = {
                                                              + End        = true
                                                              + Parameters = {
                                                                  + "Body.$"   = "$"
                                                                  + "Bucket.$" = "$.S3.Bucket.Name"
                                                                  + "Key.$"    = "States.Format('${s3_object_rekognition_detect_labels}{}.json', $.S3.Object.ETag)"
                                                                }
                                                              + Resource   = "arn:aws:states:::aws-sdk:s3:putObject"
                                                              + Type       = "Task"
                                                            }
                                                          + StartExecutionRekognitionDetectLabels = {
                                                              + Next       = "PutObjectRekognitionDetectLabels"
                                                              + OutputPath = "$.Output"
                                                              + Parameters = {
                                                                  + Input           = {
                                                                      + "AWS_STEP_FUNCTIONS_STARTED_BY_EXECUTION_ID.$" = "$$.Execution.Id"
                                                                      + "StatePayload.$"                               = "$"
                                                                      + "TaskToken.$"                                  = "$$.Task.Token"
                                                                    }
                                                                  + StateMachineArn = "${rekognition_detect_labels}"
                                                                }
                                                              + Resource   = "arn:aws:states:::states:startExecution.sync:2"
                                                              + Type       = "Task"
                                                            }
                                                        }
                                                    },
                                                  + {
                                                      + StartAt = "StartExecutionRekognitionDetectModerationLabels"
                                                      + States  = {
                                                          + PutObjectDetectModerationLabels                 = {
                                                              + End        = true
                                                              + Parameters = {
                                                                  + "Body.$"   = "$"
                                                                  + "Bucket.$" = "$.S3.Bucket.Name"
                                                                  + "Key.$"    = "States.Format('${s3_object_rekognition_detect_moderation_labels}{}.json', $.S3.Object.ETag)"
                                                                }
                                                              + Resource   = "arn:aws:states:::aws-sdk:s3:putObject"
                                                              + Type       = "Task"
                                                            }
                                                          + StartExecutionRekognitionDetectModerationLabels = {
                                                              + Next       = "PutObjectDetectModerationLabels"
                                                              + OutputPath = "$.Output"
                                                              + Parameters = {
                                                                  + Input           = {
                                                                      + "AWS_STEP_FUNCTIONS_STARTED_BY_EXECUTION_ID.$" = "$$.Execution.Id"
                                                                      + "StatePayload.$"                               = "$"
                                                                      + "TaskToken.$"                                  = "$$.Task.Token"
                                                                    }
                                                                  + StateMachineArn = "${rekognition_detect_moderation_labels}"
                                                                }
                                                              + Resource   = "arn:aws:states:::states:startExecution.sync:2"
                                                              + Type       = "Task"
                                                            }
                                                        }
                                                    },
                                                  + {
                                                      + StartAt = "StartExecutionRekognitionDetectProtectiveEquipment"
                                                      + States  = {
                                                          + PutObjectRekognitionDetectProtectiveEquipment      = {
                                                              + End        = true
                                                              + Parameters = {
                                                                  + "Body.$"   = "$"
                                                                  + "Bucket.$" = "$.S3.Bucket.Name"
                                                                  + "Key.$"    = "States.Format('${s3_object_rekognition_detect_protective_equipment}{}.json', $.S3.Object.ETag)"
                                                                }
                                                              + Resource   = "arn:aws:states:::aws-sdk:s3:putObject"
                                                              + Type       = "Task"
                                                            }
                                                          + StartExecutionRekognitionDetectProtectiveEquipment = {
                                                              + Next       = "PutObjectRekognitionDetectProtectiveEquipment"
                                                              + OutputPath = "$.Output"
                                                              + Parameters = {
                                                                  + Input           = {
                                                                      + "AWS_STEP_FUNCTIONS_STARTED_BY_EXECUTION_ID.$" = "$$.Execution.Id"
                                                                      + "StatePayload.$"                               = "$"
                                                                      + "TaskToken.$"                                  = "$$.Task.Token"
                                                                    }
                                                                  + StateMachineArn = "${rekognition_detect_protective_equipment}"
                                                                }
                                                              + Resource   = "arn:aws:states:::states:startExecution.sync:2"
                                                              + Type       = "Task"
                                                            }
                                                        }
                                                    },
                                                  + {
                                                      + StartAt = "StartExecutionRekognitionDetectText"
                                                      + States  = {
                                                          + PutObjectRekognitionDetectText      = {
                                                              + End        = true
                                                              + Parameters = {
                                                                  + "Body.$"   = "$"
                                                                  + "Bucket.$" = "$.S3.Bucket.Name"
                                                                  + "Key.$"    = "States.Format('${s3_object_rekognition_detect_text}{}.json', $.S3.Object.ETag)"
                                                                }
                                                              + Resource   = "arn:aws:states:::aws-sdk:s3:putObject"
                                                              + Type       = "Task"
                                                            }
                                                          + StartExecutionRekognitionDetectText = {
                                                              + Next       = "PutObjectRekognitionDetectText"
                                                              + OutputPath = "$.Output"
                                                              + Parameters = {
                                                                  + Input           = {
                                                                      + "AWS_STEP_FUNCTIONS_STARTED_BY_EXECUTION_ID.$" = "$$.Execution.Id"
                                                                      + "StatePayload.$"                               = "$"
                                                                      + "TaskToken.$"                                  = "$$.Task.Token"
                                                                    }
                                                                  + StateMachineArn = "${rekognition_detect_text}"
                                                                }
                                                              + Resource   = "arn:aws:states:::states:startExecution.sync:2"
                                                              + Type       = "Task"
                                                            }
                                                        }
                                                    },
                                                ]
                                              + End        = true
                                              + Parameters = {
                                                  + S3 = {
                                                      + Bucket = {
                                                          + "Name.$" = "$.bucket.name"
                                                        }
                                                      + Object = {
                                                          + "Key.$" = "$.object.key"
                                                        }
                                                    }
                                                }
                                              + Type       = "Parallel"
                                            }
                                          + PassBodyRecordS3                  = {
                                              + InputPath = "$.s3"
                                              + Next      = "ParallelRekognitionStateMachines"
                                              + Type      = "Pass"
                                            }
                                          + Success                           = {
                                              + Type = "Succeed"
                                            }
                                          + SuccessCheckBodyRecordEventName   = {
                                              + Type = "Succeed"
                                            }
                                          + SuccessCheckBodyRecordEventSource = {
                                              + Type = "Succeed"
                                            }
                                        }
                                    }
                                  + ItemsPath     = "$.Records"
                                  + Type          = "Map"
                                }
                              + PassBody                = {
                                  + Next       = "CheckBodyRecords"
                                  + Parameters = {
                                      + "body.$" = "States.StringToJson($.body)"
                                    }
                                  + Type       = "Pass"
                                }
                              + SuccessCheckBody        = {
                                  + Type = "Succeed"
                                }
                              + SuccessCheckBodyRecords = {
                                  + Type = "Succeed"
                                }
                              + SuccessCheckEventSource = {
                                  + Type = "Succeed"
                                }
                            }
                        }
                      + ItemsPath     = "$"
                      + Type          = "Map"
                    }
                }
            }
        )
      + description               = (known after apply)
      + id                        = (known after apply)
      + name                      = (known after apply)
      + name_prefix               = (known after apply)
      + publish                   = false
      + revision_id               = (known after apply)
      + role_arn                  = (known after apply)
      + state_machine_version_arn = (known after apply)
      + status                    = (known after apply)
      + tags_all                  = {
          + "Managed" = "terraform"
          + "Project" = "aws-rekognition"
        }
      + type                      = "STANDARD"
      + version_description       = (known after apply)

      + encryption_configuration (known after apply)

      + logging_configuration (known after apply)

      + tracing_configuration (known after apply)
    }

  # random_id.suffix will be created
  + resource "random_id" "suffix" {
      + b64_std     = (known after apply)
      + b64_url     = (known after apply)
      + byte_length = 4
      + dec         = (known after apply)
      + hex         = (known after apply)
      + id          = (known after apply)
    }

Plan: 6 to add, 0 to change, 0 to destroy.

Changes to Outputs:
  + s3_artifacts_bucket_name = (known after apply)
  + state_machine_arn        = (known after apply)
