{"format_version":"1.2","terraform_version":"1.13.5","planned_values":{"root_module":{"resources":[{"address":"docker_container.lobby","mode":"managed","type":"docker_container","name":"lobby","provider_name":"registry.terraform.io/kreuzwerker/docker","schema_version":2,"values":{"attach":false,"capabilities":[],"cgroupns_mode":null,"container_read_refresh_timeout_milliseconds":15000,"cpu_set":null,"cpu_shares":null,"destroy_grace_seconds":null,"devices":[],"dns":null,"dns_opts":null,"dns_search":null,"domainname":null,"gpus":null,"group_add":null,"host":[],"log_opts":null,"logs":false,"max_retry_count":null,"memory":null,"memory_swap":null,"mounts":[],"must_run":true,"name":"lobby","network_mode":null,"networks_advanced":[],"pid_mode":null,"ports":[{"external":25660,"internal":25650,"ip":"0.0.0.0","protocol":"tcp"}],"privileged":null,"publish_all_ports":null,"read_only":false,"remove_volumes":true,"restart":"no","rm":false,"start":true,"stdin_open":false,"storage_opts":null,"sysctls":null,"tmpfs":null,"tty":false,"ulimit":[],"upload":[],"user":null,"userns_mode":null,"volumes":[],"wait":false,"wait_timeout":60,"working_dir":null},"sensitive_values":{"capabilities":[],"command":[],"devices":[],"entrypoint":[],"env":[],"healthcheck":[],"host":[],"labels":[],"mounts":[],"network_data":[],"networks_advanced":[],"ports":[{}],"security_opts":[],"ulimit":[],"upload":[],"volumes":[]}},{"address":"docker_image.minecraft","mode":"managed","type":"docker_image","name":"minecraft","provider_name":"registry.terraform.io/kreuzwerker/docker","schema_version":0,"values":{"build":[],"force_remove":null,"keep_locally":false,"name":"itzg/minecraft-server","platform":null,"pull_triggers":null,"triggers":null},"sensitive_values":{"build":[]}}]}},"resource_changes":[{"address":"docker_container.lobby","mode":"managed","type":"docker_container","name":"lobby","provider_name":"registry.terraform.io/kreuzwerker/docker","change":{"actions":["create"],"before":null,"after":{"attach":false,"capabilities":[],"cgroupns_mode":null,"container_read_refresh_timeout_milliseconds":15000,"cpu_set":null,"cpu_shares":null,"destroy_grace_seconds":null,"devices":[],"dns":null,"dns_opts":null,"dns_search":null,"domainname":null,"gpus":null,"group_add":null,"host":[],"log_opts":null,"logs":false,"max_retry_count":null,"memory":null,"memory_swap":null,"mounts":[],"must_run":true,"name":"lobby","network_mode":null,"networks_advanced":[],"pid_mode":null,"ports":[{"external":25660,"internal":25650,"ip":"0.0.0.0","protocol":"tcp"}],"privileged":null,"publish_all_ports":null,"read_only":false,"remove_volumes":true,"restart":"no","rm":false,"start":true,"stdin_open":false,"storage_opts":null,"sysctls":null,"tmpfs":null,"tty":false,"ulimit":[],"upload":[],"user":null,"userns_mode":null,"volumes":[],"wait":false,"wait_timeout":60,"working_dir":null},"after_unknown":{"bridge":true,"capabilities":[],"command":true,"container_logs":true,"devices":[],"entrypoint":true,"env":true,"exit_code":true,"healthcheck":true,"host":[],"hostname":true,"id":true,"image":true,"init":true,"ipc_mode":true,"labels":true,"log_driver":true,"mounts":[],"network_data":true,"networks_advanced":[],"ports":[{}],"runtime":true,"security_opts":true,"shm_size":true,"stop_signal":true,"stop_timeout":true,"ulimit":[],"upload":[],"volumes":[]},"before_sensitive":false,"after_sensitive":{"capabilities":[],"command":[],"devices":[],"entrypoint":[],"env":[],"healthcheck":[],"host":[],"labels":[],"mounts":[],"network_data":[],"networks_advanced":[],"ports":[{}],"security_opts":[],"ulimit":[],"upload":[],"volumes":[]}}},{"address":"docker_image.minecraft","mode":"managed","type":"docker_image","name":"minecraft","provider_name":"registry.terraform.io/kreuzwerker/docker","change":{"actions":["create"],"before":null,"after":{"build":[],"force_remove":null,"keep_locally":false,"name":"itzg/minecraft-server","platform":null,"pull_triggers":null,"triggers":null},"after_unknown":{"build":[],"id":true,"image_id":true,"repo_digest":true},"before_sensitive":false,"after_sensitive":{"build":[]}}}],"configuration":{"provider_config":{"aws":{"name":"aws","full_name":"registry.terraform.io/hashicorp/aws","expressions":{"access_key":{"constant_value":"mock"},"endpoints":[{"apigateway":{"constant_value":"http://localhost:4566"},"apigatewayv2":{"constant_value":"http://localhost:4566"},"cloudwatch":{"constant_value":"http://localhost:4566"},"cloudwatchevents":{"constant_value":"http://localhost:4566"},"dynamodb":{"constant_value":"http://localhost:4566"},"ec2":{"constant_value":"http://localhost:4566"},"ecr":{"constant_value":"http://localhost:4566"},"ecrpublic":{"constant_value":"http://localhost:4566"},"ecs":{"constant_value":"http://localhost:4566"},"efs":{"constant_value":"http://localhost:4566"},"iam":{"constant_value":"http://localhost:4566"},"kinesis":{"constant_value":"http://localhost:4566"},"kms":{"constant_value":"http://localhost:4566"},"lambda":{"constant_value":"http://localhost:4566"},"logs":{"constant_value":"http://localhost:4566"},"route53":{"constant_value":"http://localhost:4566"},"s3":{"constant_value":"http://localhost:4566"},"s3control":{"constant_value":"http://localhost:4566"},"secretsmanager":{"constant_value":"http://localhost:4566"},"sns":{"constant_value":"http://localhost:4566"},"sqs":{"constant_value":"http://localhost:4566"},"ssm":{"constant_value":"http://localhost:4566"},"sts":{"constant_value":"http://localhost:4566"}}],"region":{"constant_value":"us-east-1"},"s3_use_path_style":{"constant_value":true},"secret_key":{"constant_value":"mock"},"skip_credentials_validation":{"constant_value":true},"skip_metadata_api_check":{"constant_value":true},"skip_region_validation":{"constant_value":true},"skip_requesting_account_id":{"constant_value":true}}},"docker":{"name":"docker","full_name":"registry.terraform.io/kreuzwerker/docker","version_constraint":"~\u003e 3.0.1"}},"root_module":{"resources":[{"address":"docker_container.lobby","mode":"managed","type":"docker_container","name":"lobby","provider_config_key":"docker","expressions":{"image":{"references":["docker_image.minecraft.image_id","docker_image.minecraft"]},"name":{"constant_value":"lobby"},"ports":[{"external":{"constant_value":25660},"internal":{"constant_value":25650}}]},"schema_version":2},{"address":"docker_image.minecraft","mode":"managed","type":"docker_image","name":"minecraft","provider_config_key":"docker","expressions":{"keep_locally":{"constant_value":false},"name":{"constant_value":"itzg/minecraft-server"}},"schema_version":0}]}},"relevant_attributes":[{"resource":"docker_image.minecraft","attribute":["image_id"]}],"timestamp":"2026-01-22T20:35:05Z","applyable":true,"complete":true,"errored":false}
