{"format_version":"1.2","terraform_version":"1.13.5","variables":{"aws_region":{"value":"us-east-1"},"create_http_api":{"value":false},"ecr_image_tag":{"value":"latest"},"http_api_stage_name":{"value":"$default"},"lambda_ephemeral_storage":{"value":1024},"lambda_memory_size":{"value":2048},"lambda_reserved_concurrency":{"value":null},"lambda_timeout":{"value":60},"log_retention_days":{"value":14},"name":{"value":"playwright-runner"},"tags":{"value":{"Managed":"terraform","Project":"playwright-lambda"}}},"planned_values":{"outputs":{"ecr_repository_url":{"sensitive":false},"http_api_endpoint":{"sensitive":false,"type":"dynamic","value":null},"lambda_function_arn":{"sensitive":false},"lambda_function_name":{"sensitive":false,"type":"string","value":"playwright-runner"}},"root_module":{"resources":[{"address":"aws_cloudwatch_log_group.lambda","mode":"managed","type":"aws_cloudwatch_log_group","name":"lambda","provider_name":"registry.terraform.io/hashicorp/aws","schema_version":0,"values":{"kms_key_id":null,"name":"/aws/lambda/playwright-runner","retention_in_days":14,"skip_destroy":false,"tags":null,"tags_all":{"Managed":"terraform","Project":"playwright-lambda"}},"sensitive_values":{"tags_all":{}}},{"address":"aws_ecr_lifecycle_policy.this","mode":"managed","type":"aws_ecr_lifecycle_policy","name":"this","provider_name":"registry.terraform.io/hashicorp/aws","schema_version":0,"values":{"policy":"{\"rules\":[{\"action\":{\"type\":\"expire\"},\"description\":\"Keep last 30 images\",\"rulePriority\":1,\"selection\":{\"countNumber\":30,\"countType\":\"imageCountMoreThan\",\"tagStatus\":\"any\"}}]}","repository":"playwright-runner"},"sensitive_values":{}},{"address":"aws_ecr_repository.this","mode":"managed","type":"aws_ecr_repository","name":"this","provider_name":"registry.terraform.io/hashicorp/aws","schema_version":0,"values":{"encryption_configuration":[{"encryption_type":"AES256"}],"force_delete":null,"image_scanning_configuration":[{"scan_on_push":true}],"image_tag_mutability":"MUTABLE","name":"playwright-runner","tags":null,"tags_all":{"Managed":"terraform","Project":"playwright-lambda"},"timeouts":null},"sensitive_values":{"encryption_configuration":[{}],"image_scanning_configuration":[{}],"tags_all":{}}},{"address":"aws_iam_role.lambda_exec","mode":"managed","type":"aws_iam_role","name":"lambda_exec","provider_name":"registry.terraform.io/hashicorp/aws","schema_version":0,"values":{"assume_role_policy":"{\"Statement\":[{\"Action\":\"sts:AssumeRole\",\"Effect\":\"Allow\",\"Principal\":{\"Service\":\"lambda.amazonaws.com\"}}],\"Version\":\"2012-10-17\"}","description":null,"force_detach_policies":false,"max_session_duration":3600,"name":"playwright-runner-lambda-exec","path":"/","permissions_boundary":null,"tags":null,"tags_all":{"Managed":"terraform","Project":"playwright-lambda"}},"sensitive_values":{"inline_policy":[],"managed_policy_arns":[],"tags_all":{}}},{"address":"aws_iam_role_policy_attachment.lambda_basic","mode":"managed","type":"aws_iam_role_policy_attachment","name":"lambda_basic","provider_name":"registry.terraform.io/hashicorp/aws","schema_version":0,"values":{"policy_arn":"arn:aws:iam::aws:policy/service-role/AWSLambdaBasicExecutionRole","role":"playwright-runner-lambda-exec"},"sensitive_values":{}},{"address":"aws_lambda_function.this","mode":"managed","type":"aws_lambda_function","name":"this","provider_name":"registry.terraform.io/hashicorp/aws","schema_version":0,"values":{"code_signing_config_arn":null,"dead_letter_config":[],"description":null,"environment":[{"variables":{"NODE_OPTIONS":"--enable-source-maps"}}],"ephemeral_storage":[{"size":1024}],"file_system_config":[],"filename":null,"function_name":"playwright-runner","handler":null,"image_config":[],"kms_key_arn":null,"layers":null,"memory_size":2048,"package_type":"Image","publish":false,"replace_security_groups_on_destroy":null,"replacement_security_group_ids":null,"reserved_concurrent_executions":-1,"runtime":null,"s3_bucket":null,"s3_key":null,"s3_object_version":null,"skip_destroy":false,"snap_start":[],"tags":null,"tags_all":{"Managed":"terraform","Project":"playwright-lambda"},"timeout":60,"timeouts":null,"vpc_config":[]},"sensitive_values":{"architectures":[],"dead_letter_config":[],"environment":[{"variables":{}}],"ephemeral_storage":[{}],"file_system_config":[],"image_config":[],"logging_config":[],"snap_start":[],"tags_all":{},"tracing_config":[],"vpc_config":[]}}]}},"resource_changes":[{"address":"aws_cloudwatch_log_group.lambda","mode":"managed","type":"aws_cloudwatch_log_group","name":"lambda","provider_name":"registry.terraform.io/hashicorp/aws","change":{"actions":["create"],"before":null,"after":{"kms_key_id":null,"name":"/aws/lambda/playwright-runner","retention_in_days":14,"skip_destroy":false,"tags":null,"tags_all":{"Managed":"terraform","Project":"playwright-lambda"}},"after_unknown":{"arn":true,"id":true,"log_group_class":true,"name_prefix":true,"tags_all":{}},"before_sensitive":false,"after_sensitive":{"tags_all":{}}}},{"address":"aws_ecr_lifecycle_policy.this","mode":"managed","type":"aws_ecr_lifecycle_policy","name":"this","provider_name":"registry.terraform.io/hashicorp/aws","change":{"actions":["create"],"before":null,"after":{"policy":"{\"rules\":[{\"action\":{\"type\":\"expire\"},\"description\":\"Keep last 30 images\",\"rulePriority\":1,\"selection\":{\"countNumber\":30,\"countType\":\"imageCountMoreThan\",\"tagStatus\":\"any\"}}]}","repository":"playwright-runner"},"after_unknown":{"id":true,"registry_id":true},"before_sensitive":false,"after_sensitive":{}}},{"address":"aws_ecr_repository.this","mode":"managed","type":"aws_ecr_repository","name":"this","provider_name":"registry.terraform.io/hashicorp/aws","change":{"actions":["create"],"before":null,"after":{"encryption_configuration":[{"encryption_type":"AES256"}],"force_delete":null,"image_scanning_configuration":[{"scan_on_push":true}],"image_tag_mutability":"MUTABLE","name":"playwright-runner","tags":null,"tags_all":{"Managed":"terraform","Project":"playwright-lambda"},"timeouts":null},"after_unknown":{"arn":true,"encryption_configuration":[{"kms_key":true}],"id":true,"image_scanning_configuration":[{}],"registry_id":true,"repository_url":true,"tags_all":{}},"before_sensitive":false,"after_sensitive":{"encryption_configuration":[{}],"image_scanning_configuration":[{}],"tags_all":{}}}},{"address":"aws_iam_role.lambda_exec","mode":"managed","type":"aws_iam_role","name":"lambda_exec","provider_name":"registry.terraform.io/hashicorp/aws","change":{"actions":["create"],"before":null,"after":{"assume_role_policy":"{\"Statement\":[{\"Action\":\"sts:AssumeRole\",\"Effect\":\"Allow\",\"Principal\":{\"Service\":\"lambda.amazonaws.com\"}}],\"Version\":\"2012-10-17\"}","description":null,"force_detach_policies":false,"max_session_duration":3600,"name":"playwright-runner-lambda-exec","path":"/","permissions_boundary":null,"tags":null,"tags_all":{"Managed":"terraform","Project":"playwright-lambda"}},"after_unknown":{"arn":true,"create_date":true,"id":true,"inline_policy":true,"managed_policy_arns":true,"name_prefix":true,"tags_all":{},"unique_id":true},"before_sensitive":false,"after_sensitive":{"inline_policy":[],"managed_policy_arns":[],"tags_all":{}}}},{"address":"aws_iam_role_policy_attachment.lambda_basic","mode":"managed","type":"aws_iam_role_policy_attachment","name":"lambda_basic","provider_name":"registry.terraform.io/hashicorp/aws","change":{"actions":["create"],"before":null,"after":{"policy_arn":"arn:aws:iam::aws:policy/service-role/AWSLambdaBasicExecutionRole","role":"playwright-runner-lambda-exec"},"after_unknown":{"id":true},"before_sensitive":false,"after_sensitive":{}}},{"address":"aws_lambda_function.this","mode":"managed","type":"aws_lambda_function","name":"this","provider_name":"registry.terraform.io/hashicorp/aws","change":{"actions":["create"],"before":null,"after":{"code_signing_config_arn":null,"dead_letter_config":[],"description":null,"environment":[{"variables":{"NODE_OPTIONS":"--enable-source-maps"}}],"ephemeral_storage":[{"size":1024}],"file_system_config":[],"filename":null,"function_name":"playwright-runner","handler":null,"image_config":[],"kms_key_arn":null,"layers":null,"memory_size":2048,"package_type":"Image","publish":false,"replace_security_groups_on_destroy":null,"replacement_security_group_ids":null,"reserved_concurrent_executions":-1,"runtime":null,"s3_bucket":null,"s3_key":null,"s3_object_version":null,"skip_destroy":false,"snap_start":[],"tags":null,"tags_all":{"Managed":"terraform","Project":"playwright-lambda"},"timeout":60,"timeouts":null,"vpc_config":[]},"after_unknown":{"architectures":true,"arn":true,"code_sha256":true,"dead_letter_config":[],"environment":[{"variables":{}}],"ephemeral_storage":[{}],"file_system_config":[],"id":true,"image_config":[],"image_uri":true,"invoke_arn":true,"last_modified":true,"logging_config":true,"qualified_arn":true,"qualified_invoke_arn":true,"role":true,"signing_job_arn":true,"signing_profile_version_arn":true,"snap_start":[],"source_code_hash":true,"source_code_size":true,"tags_all":{},"tracing_config":true,"version":true,"vpc_config":[]},"before_sensitive":false,"after_sensitive":{"architectures":[],"dead_letter_config":[],"environment":[{"variables":{}}],"ephemeral_storage":[{}],"file_system_config":[],"image_config":[],"logging_config":[],"snap_start":[],"tags_all":{},"tracing_config":[],"vpc_config":[]}}}],"output_changes":{"ecr_repository_url":{"actions":["create"],"before":null,"after_unknown":true,"before_sensitive":false,"after_sensitive":false},"http_api_endpoint":{"actions":["no-op"],"before":null,"after":null,"after_unknown":false,"before_sensitive":false,"after_sensitive":false},"lambda_function_arn":{"actions":["create"],"before":null,"after_unknown":true,"before_sensitive":false,"after_sensitive":false},"lambda_function_name":{"actions":["create"],"before":null,"after":"playwright-runner","after_unknown":false,"before_sensitive":false,"after_sensitive":false}},"prior_state":{"format_version":"1.0","terraform_version":"1.13.5","values":{"outputs":{"lambda_function_name":{"sensitive":false,"value":"playwright-runner","type":"string"}},"root_module":{"resources":[{"address":"data.archive_file.lambda_dummy","mode":"data","type":"archive_file","name":"lambda_dummy","provider_name":"registry.terraform.io/hashicorp/archive","schema_version":0,"values":{"exclude_symlink_directories":null,"excludes":null,"id":"58e93fade67637870be5af38eff8d5aa66c7da49","output_base64sha256":"wmbalFzzY/wG3ivChKElOZB3+B4gptmQyIat05p+fU4=","output_base64sha512":"BQYAg1LwEY4tDmry1VoRx6StX0vjH+7LpfB5KAZLVvfJQjioPbBv1QxI6QF6P2U614fU3h9XKBCb9z5Y1ornqA==","output_file_mode":null,"output_md5":"a0dbd832a6a977d6d5b28ea5c85e30fb","output_path":"./.dummy/lambda.zip","output_sha":"58e93fade67637870be5af38eff8d5aa66c7da49","output_sha256":"c266da945cf363fc06de2bc284a125399077f81e20a6d990c886add39a7e7d4e","output_sha512":"0506008352f0118e2d0e6af2d55a11c7a4ad5f4be31feecba5f07928064b56f7c94238a83db06fd50c48e9017a3f653ad787d4de1f5728109bf73e58d68ae7a8","output_size":246,"source":[{"content":"exports.handler = async (event) =\u003e {\n  console.log(\"Dummy lambda invoked\");\n  return { statusCode: 200, body: \"dummy\" };\n};\n","filename":"index.js"}],"source_content":null,"source_content_filename":null,"source_dir":null,"source_file":null,"type":"zip"},"sensitive_values":{"source":[{}]}},{"address":"data.aws_caller_identity.current","mode":"data","type":"aws_caller_identity","name":"current","provider_name":"registry.terraform.io/hashicorp/aws","schema_version":0,"values":{"account_id":"000000000000","arn":"arn:aws:iam::000000000000:root","id":"000000000000","user_id":"AKIAIOSFODNN7EXAMPLE"},"sensitive_values":{}},{"address":"data.aws_region.current","mode":"data","type":"aws_region","name":"current","provider_name":"registry.terraform.io/hashicorp/aws","schema_version":0,"values":{"description":"US East (N. Virginia)","endpoint":"ec2.us-east-1.amazonaws.com","id":"us-east-1","name":"us-east-1"},"sensitive_values":{}}]}}},"configuration":{"provider_config":{"archive":{"name":"archive","full_name":"registry.terraform.io/hashicorp/archive"},"aws":{"name":"aws","full_name":"registry.terraform.io/hashicorp/aws","version_constraint":"~\u003e 5.0","expressions":{"default_tags":[{"tags":{"references":["var.tags"]}}],"region":{"references":["var.aws_region"]}}}},"root_module":{"outputs":{"ecr_repository_url":{"expression":{"references":["aws_ecr_repository.this.repository_url","aws_ecr_repository.this"]},"description":"ECR repository URL (use this to docker tag/push)."},"http_api_endpoint":{"expression":{"references":["var.create_http_api","aws_apigatewayv2_api.http[0].api_endpoint","aws_apigatewayv2_api.http[0]","aws_apigatewayv2_api.http"]},"description":"HTTP API endpoint (if created)."},"lambda_function_arn":{"expression":{"references":["aws_lambda_function.this.arn","aws_lambda_function.this"]},"description":"Lambda function ARN."},"lambda_function_name":{"expression":{"references":["aws_lambda_function.this.function_name","aws_lambda_function.this"]},"description":"Lambda function name."}},"resources":[{"address":"aws_apigatewayv2_api.http","mode":"managed","type":"aws_apigatewayv2_api","name":"http","provider_config_key":"aws","expressions":{"name":{"references":["var.name"]},"protocol_type":{"constant_value":"HTTP"}},"schema_version":0,"count_expression":{"references":["var.create_http_api"]}},{"address":"aws_apigatewayv2_integration.lambda","mode":"managed","type":"aws_apigatewayv2_integration","name":"lambda","provider_config_key":"aws","expressions":{"api_id":{"references":["aws_apigatewayv2_api.http[0].id","aws_apigatewayv2_api.http[0]","aws_apigatewayv2_api.http"]},"integration_type":{"constant_value":"AWS_PROXY"},"integration_uri":{"references":["aws_lambda_function.this.arn","aws_lambda_function.this"]},"payload_format_version":{"constant_value":"2.0"}},"schema_version":0,"count_expression":{"references":["var.create_http_api"]}},{"address":"aws_apigatewayv2_route.invoke","mode":"managed","type":"aws_apigatewayv2_route","name":"invoke","provider_config_key":"aws","expressions":{"api_id":{"references":["aws_apigatewayv2_api.http[0].id","aws_apigatewayv2_api.http[0]","aws_apigatewayv2_api.http"]},"route_key":{"constant_value":"POST /invoke"},"target":{"references":["aws_apigatewayv2_integration.lambda[0].id","aws_apigatewayv2_integration.lambda[0]","aws_apigatewayv2_integration.lambda"]}},"schema_version":0,"count_expression":{"references":["var.create_http_api"]}},{"address":"aws_apigatewayv2_stage.default","mode":"managed","type":"aws_apigatewayv2_stage","name":"default","provider_config_key":"aws","expressions":{"api_id":{"references":["aws_apigatewayv2_api.http[0].id","aws_apigatewayv2_api.http[0]","aws_apigatewayv2_api.http"]},"auto_deploy":{"constant_value":true},"name":{"references":["var.http_api_stage_name"]}},"schema_version":0,"count_expression":{"references":["var.create_http_api"]}},{"address":"aws_cloudwatch_log_group.lambda","mode":"managed","type":"aws_cloudwatch_log_group","name":"lambda","provider_config_key":"aws","expressions":{"name":{"references":["local.lambda_name"]},"retention_in_days":{"references":["var.log_retention_days"]}},"schema_version":0},{"address":"aws_ecr_lifecycle_policy.this","mode":"managed","type":"aws_ecr_lifecycle_policy","name":"this","provider_config_key":"aws","expressions":{"policy":{},"repository":{"references":["aws_ecr_repository.this.name","aws_ecr_repository.this"]}},"schema_version":0},{"address":"aws_ecr_repository.this","mode":"managed","type":"aws_ecr_repository","name":"this","provider_config_key":"aws","expressions":{"encryption_configuration":[{"encryption_type":{"constant_value":"AES256"}}],"image_scanning_configuration":[{"scan_on_push":{"constant_value":true}}],"image_tag_mutability":{"constant_value":"MUTABLE"},"name":{"references":["local.ecr_repo_name"]}},"schema_version":0},{"address":"aws_iam_role.lambda_exec","mode":"managed","type":"aws_iam_role","name":"lambda_exec","provider_config_key":"aws","expressions":{"assume_role_policy":{},"name":{"references":["var.name"]}},"schema_version":0},{"address":"aws_iam_role_policy_attachment.lambda_basic","mode":"managed","type":"aws_iam_role_policy_attachment","name":"lambda_basic","provider_config_key":"aws","expressions":{"policy_arn":{"constant_value":"arn:aws:iam::aws:policy/service-role/AWSLambdaBasicExecutionRole"},"role":{"references":["aws_iam_role.lambda_exec.name","aws_iam_role.lambda_exec"]}},"schema_version":0},{"address":"aws_lambda_function.this","mode":"managed","type":"aws_lambda_function","name":"this","provider_config_key":"aws","expressions":{"environment":[{"variables":{"constant_value":{"NODE_OPTIONS":"--enable-source-maps"}}}],"ephemeral_storage":[{"size":{"references":["var.lambda_ephemeral_storage"]}}],"function_name":{"references":["local.lambda_name"]},"image_uri":{"references":["aws_ecr_repository.this.repository_url","aws_ecr_repository.this","var.ecr_image_tag"]},"memory_size":{"references":["var.lambda_memory_size"]},"package_type":{"constant_value":"Image"},"reserved_concurrent_executions":{"references":["var.lambda_reserved_concurrency"]},"role":{"references":["aws_iam_role.lambda_exec.arn","aws_iam_role.lambda_exec"]},"timeout":{"references":["var.lambda_timeout"]}},"schema_version":0,"depends_on":["aws_cloudwatch_log_group.lambda"]},{"address":"aws_lambda_permission.apigw","mode":"managed","type":"aws_lambda_permission","name":"apigw","provider_config_key":"aws","expressions":{"action":{"constant_value":"lambda:InvokeFunction"},"function_name":{"references":["aws_lambda_function.this.function_name","aws_lambda_function.this"]},"principal":{"constant_value":"apigateway.amazonaws.com"},"source_arn":{"references":["aws_apigatewayv2_api.http[0].execution_arn","aws_apigatewayv2_api.http[0]","aws_apigatewayv2_api.http"]},"statement_id":{"constant_value":"AllowExecutionFromAPIGateway"}},"schema_version":0,"count_expression":{"references":["var.create_http_api"]}},{"address":"data.archive_file.lambda_dummy","mode":"data","type":"archive_file","name":"lambda_dummy","provider_config_key":"archive","expressions":{"output_path":{"references":["local.lambda_dummy_zip"]},"source":[{"content":{"constant_value":"exports.handler = async (event) =\u003e {\n  console.log(\"Dummy lambda invoked\");\n  return { statusCode: 200, body: \"dummy\" };\n};\n"},"filename":{"constant_value":"index.js"}}],"type":{"constant_value":"zip"}},"schema_version":0},{"address":"data.aws_caller_identity.current","mode":"data","type":"aws_caller_identity","name":"current","provider_config_key":"aws","schema_version":0},{"address":"data.aws_region.current","mode":"data","type":"aws_region","name":"current","provider_config_key":"aws","schema_version":0}],"variables":{"aws_region":{"default":"us-east-1","description":"AWS region to deploy into."},"create_http_api":{"default":false,"description":"Whether to create an API Gateway HTTP API endpoint to invoke the Lambda."},"ecr_image_tag":{"default":"latest","description":"Container image tag in ECR to deploy (e.g., git SHA)."},"http_api_stage_name":{"default":"$default","description":"Stage name for the HTTP API."},"lambda_ephemeral_storage":{"default":1024,"description":"Ephemeral storage (/tmp) in MB. Increase if you store traces/screenshots."},"lambda_memory_size":{"default":2048,"description":"Lambda memory in MB. Higher memory gives more CPU which helps Chromium startup."},"lambda_reserved_concurrency":{"default":null,"description":"Optional reserved concurrency limit. Set null for unreserved."},"lambda_timeout":{"default":60,"description":"Lambda timeout in seconds. Playwright/Chromium often needs higher timeouts."},"log_retention_days":{"default":14,"description":"CloudWatch log retention in days."},"name":{"default":"playwright-runner","description":"Base name/prefix for resources."},"tags":{"default":{"Managed":"terraform","Project":"playwright-lambda"},"description":"Tags applied to all supported resources."}}}},"relevant_attributes":[{"resource":"aws_ecr_repository.this","attribute":["name"]},{"resource":"aws_iam_role.lambda_exec","attribute":["name"]},{"resource":"aws_lambda_function.this","attribute":["function_name"]},{"resource":"aws_ecr_repository.this","attribute":["repository_url"]},{"resource":"aws_iam_role.lambda_exec","attribute":["arn"]},{"resource":"aws_lambda_function.this","attribute":["arn"]}],"timestamp":"2026-01-27T15:29:22Z","applyable":true,"complete":true,"errored":false}
