{"format_version":"1.2","terraform_version":"1.13.5","variables":{"app_name":{"value":"mlflow-server"},"aws_region":{"value":"us-east-1"},"container_port":{"value":80},"mlflow_password":{"value":"mlflow"},"mlflow_username":{"value":"mlflow"}},"planned_values":{"outputs":{"apprunner_service_url":{"sensitive":false},"artifact_bucket_name":{"sensitive":false},"db_endpoint":{"sensitive":false},"ecr_repository_url":{"sensitive":false}},"root_module":{"resources":[{"address":"aws_apprunner_service.mlflow","mode":"managed","type":"aws_apprunner_service","name":"mlflow","provider_name":"registry.terraform.io/hashicorp/aws","schema_version":0,"values":{"encryption_configuration":[],"instance_configuration":[{"cpu":"1024","memory":"2048"}],"observability_configuration":[],"region":"us-east-1","source_configuration":[{"authentication_configuration":[{"connection_arn":null}],"auto_deployments_enabled":true,"code_repository":[],"image_repository":[{"image_configuration":[{"port":"80","runtime_environment_secrets":null,"start_command":null}],"image_repository_type":"ECR"}]}],"tags":null,"tags_all":{"Managed":"terraform","Project":"mlflow-server"}},"sensitive_values":{"encryption_configuration":[],"health_check_configuration":[],"instance_configuration":[{}],"network_configuration":[],"observability_configuration":[],"source_configuration":[{"authentication_configuration":[{}],"code_repository":[],"image_repository":[{"image_configuration":[{"runtime_environment_variables":{}}]}]}],"tags_all":{}},"identity_schema_version":0,"identity":{"arn":null}},{"address":"aws_ecr_repository.app","mode":"managed","type":"aws_ecr_repository","name":"app","provider_name":"registry.terraform.io/hashicorp/aws","schema_version":0,"values":{"encryption_configuration":[],"force_delete":null,"image_scanning_configuration":[{"scan_on_push":true}],"image_tag_mutability":"MUTABLE","image_tag_mutability_exclusion_filter":[],"region":"us-east-1","tags":null,"tags_all":{"Managed":"terraform","Project":"mlflow-server"},"timeouts":null},"sensitive_values":{"encryption_configuration":[],"image_scanning_configuration":[{}],"image_tag_mutability_exclusion_filter":[],"tags_all":{}},"identity_schema_version":0,"identity":{"account_id":null,"name":null,"region":null}},{"address":"aws_iam_policy.s3_access","mode":"managed","type":"aws_iam_policy","name":"s3_access","provider_name":"registry.terraform.io/hashicorp/aws","schema_version":0,"values":{"delay_after_policy_creation_in_ms":null,"description":null,"path":"/","tags":null,"tags_all":{"Managed":"terraform","Project":"mlflow-server"}},"sensitive_values":{"tags_all":{}},"identity_schema_version":0,"identity":{"arn":null}},{"address":"aws_iam_role.apprunner","mode":"managed","type":"aws_iam_role","name":"apprunner","provider_name":"registry.terraform.io/hashicorp/aws","schema_version":0,"values":{"assume_role_policy":"{\"Statement\":[{\"Action\":\"sts:AssumeRole\",\"Effect\":\"Allow\",\"Principal\":{\"Service\":[\"tasks.apprunner.amazonaws.com\",\"build.apprunner.amazonaws.com\"]}}],\"Version\":\"2012-10-17\"}","description":null,"force_detach_policies":false,"max_session_duration":3600,"path":"/","permissions_boundary":null,"tags":null,"tags_all":{"Managed":"terraform","Project":"mlflow-server"}},"sensitive_values":{"inline_policy":[],"managed_policy_arns":[],"tags_all":{}},"identity_schema_version":0,"identity":{"account_id":null,"name":null}},{"address":"aws_iam_role_policy_attachment.apprunner_s3","mode":"managed","type":"aws_iam_role_policy_attachment","name":"apprunner_s3","provider_name":"registry.terraform.io/hashicorp/aws","schema_version":0,"sensitive_values":{},"identity_schema_version":0,"identity":{"account_id":null,"policy_arn":null,"role":null}},{"address":"aws_rds_cluster.mlflow","mode":"managed","type":"aws_rds_cluster","name":"mlflow","provider_name":"registry.terraform.io/hashicorp/aws","schema_version":1,"values":{"allow_major_version_upgrade":null,"backtrack_window":null,"copy_tags_to_snapshot":false,"database_name":"mlflow","db_cluster_instance_class":null,"db_instance_parameter_group_name":null,"delete_automated_backups":true,"deletion_protection":null,"domain":null,"domain_iam_role_name":null,"enable_global_write_forwarding":false,"enable_http_endpoint":false,"enable_local_write_forwarding":false,"enabled_cloudwatch_logs_exports":null,"engine":"aurora-postgresql","engine_mode":"provisioned","engine_version":"15.4","final_snapshot_identifier":null,"global_cluster_identifier":null,"iam_database_authentication_enabled":null,"iops":null,"manage_master_user_password":null,"master_password":"mlflowpassword123!","master_password_wo":null,"master_password_wo_version":null,"master_username":"mlflow","performance_insights_enabled":null,"region":"us-east-1","replication_source_identifier":null,"restore_to_point_in_time":[],"s3_import":[],"scaling_configuration":[],"serverlessv2_scaling_configuration":[{"max_capacity":1,"min_capacity":0.5}],"skip_final_snapshot":true,"snapshot_identifier":null,"source_region":null,"tags":null,"tags_all":{"Managed":"terraform","Project":"mlflow-server"},"timeouts":null},"sensitive_values":{"availability_zones":[],"cluster_members":[],"iam_roles":[],"master_password":true,"master_password_wo":true,"master_user_secret":[],"restore_to_point_in_time":[],"s3_import":[],"scaling_configuration":[],"serverlessv2_scaling_configuration":[{}],"tags_all":{},"vpc_security_group_ids":[]}},{"address":"aws_rds_cluster_instance.mlflow","mode":"managed","type":"aws_rds_cluster_instance","name":"mlflow","provider_name":"registry.terraform.io/hashicorp/aws","schema_version":0,"values":{"auto_minor_version_upgrade":true,"copy_tags_to_snapshot":false,"custom_iam_instance_profile":null,"engine":"aurora-postgresql","engine_version":"15.4","force_destroy":false,"instance_class":"db.serverless","monitoring_interval":0,"promotion_tier":0,"region":"us-east-1","tags":null,"tags_all":{"Managed":"terraform","Project":"mlflow-server"},"timeouts":null},"sensitive_values":{"tags_all":{}}},{"address":"aws_s3_bucket.artifacts","mode":"managed","type":"aws_s3_bucket","name":"artifacts","provider_name":"registry.terraform.io/hashicorp/aws","schema_version":0,"values":{"force_destroy":true,"region":"us-east-1","tags":null,"tags_all":{"Managed":"terraform","Project":"mlflow-server"},"timeouts":null},"sensitive_values":{"cors_rule":[],"grant":[],"lifecycle_rule":[],"logging":[],"object_lock_configuration":[],"replication_configuration":[],"server_side_encryption_configuration":[],"tags_all":{},"versioning":[],"website":[]},"identity_schema_version":0,"identity":{"account_id":null,"bucket":null,"region":null}},{"address":"aws_s3_bucket_public_access_block.artifacts","mode":"managed","type":"aws_s3_bucket_public_access_block","name":"artifacts","provider_name":"registry.terraform.io/hashicorp/aws","schema_version":0,"values":{"block_public_acls":true,"block_public_policy":true,"ignore_public_acls":true,"region":"us-east-1","restrict_public_buckets":true,"skip_destroy":null},"sensitive_values":{},"identity_schema_version":0,"identity":{"account_id":null,"bucket":null,"region":null}},{"address":"data.aws_iam_policy_document.s3_access","mode":"data","type":"aws_iam_policy_document","name":"s3_access","provider_name":"registry.terraform.io/hashicorp/aws","schema_version":0,"values":{"override_json":null,"override_policy_documents":null,"policy_id":null,"source_json":null,"source_policy_documents":null,"statement":[{"actions":["s3:ListBucket"],"condition":[],"effect":"Allow","not_actions":null,"not_principals":[],"not_resources":null,"principals":[],"resources":[null],"sid":null},{"actions":["s3:DeleteObject","s3:GetObject","s3:PutObject"],"condition":[],"effect":"Allow","not_actions":null,"not_principals":[],"not_resources":null,"principals":[],"resources":[null],"sid":null}],"version":null},"sensitive_values":{"statement":[{"actions":[false],"condition":[],"not_principals":[],"principals":[],"resources":[false]},{"actions":[false,false,false],"condition":[],"not_principals":[],"principals":[],"resources":[false]}]}},{"address":"random_id.suffix","mode":"managed","type":"random_id","name":"suffix","provider_name":"registry.terraform.io/hashicorp/random","schema_version":0,"values":{"byte_length":4,"keepers":null,"prefix":null},"sensitive_values":{}}]}},"resource_changes":[{"address":"data.aws_iam_policy_document.s3_access","mode":"data","type":"aws_iam_policy_document","name":"s3_access","provider_name":"registry.terraform.io/hashicorp/aws","change":{"actions":["read"],"before":null,"after":{"override_json":null,"override_policy_documents":null,"policy_id":null,"source_json":null,"source_policy_documents":null,"statement":[{"actions":["s3:ListBucket"],"condition":[],"effect":"Allow","not_actions":null,"not_principals":[],"not_resources":null,"principals":[],"resources":[null],"sid":null},{"actions":["s3:DeleteObject","s3:GetObject","s3:PutObject"],"condition":[],"effect":"Allow","not_actions":null,"not_principals":[],"not_resources":null,"principals":[],"resources":[null],"sid":null}],"version":null},"after_unknown":{"id":true,"json":true,"minified_json":true,"statement":[{"actions":[false],"condition":[],"not_principals":[],"principals":[],"resources":[true]},{"actions":[false,false,false],"condition":[],"not_principals":[],"principals":[],"resources":[true]}]},"before_sensitive":false,"after_sensitive":{"statement":[{"actions":[false],"condition":[],"not_principals":[],"principals":[],"resources":[false]},{"actions":[false,false,false],"condition":[],"not_principals":[],"principals":[],"resources":[false]}]}},"action_reason":"read_because_config_unknown"},{"address":"aws_apprunner_service.mlflow","mode":"managed","type":"aws_apprunner_service","name":"mlflow","provider_name":"registry.terraform.io/hashicorp/aws","change":{"actions":["create"],"before":null,"after":{"encryption_configuration":[],"instance_configuration":[{"cpu":"1024","memory":"2048"}],"observability_configuration":[],"region":"us-east-1","source_configuration":[{"authentication_configuration":[{"connection_arn":null}],"auto_deployments_enabled":true,"code_repository":[],"image_repository":[{"image_configuration":[{"port":"80","runtime_environment_secrets":null,"start_command":null}],"image_repository_type":"ECR"}]}],"tags":null,"tags_all":{"Managed":"terraform","Project":"mlflow-server"}},"after_unknown":{"arn":true,"auto_scaling_configuration_arn":true,"encryption_configuration":[],"health_check_configuration":true,"id":true,"instance_configuration":[{"instance_role_arn":true}],"network_configuration":true,"observability_configuration":[],"service_id":true,"service_name":true,"service_url":true,"source_configuration":[{"authentication_configuration":[{"access_role_arn":true}],"code_repository":[],"image_repository":[{"image_configuration":[{"runtime_environment_variables":true}],"image_identifier":true}]}],"status":true,"tags_all":{}},"before_sensitive":false,"after_sensitive":{"encryption_configuration":[],"health_check_configuration":[],"instance_configuration":[{}],"network_configuration":[],"observability_configuration":[],"source_configuration":[{"authentication_configuration":[{}],"code_repository":[],"image_repository":[{"image_configuration":[{"runtime_environment_variables":{}}]}]}],"tags_all":{}},"after_identity":{"arn":null}}},{"address":"aws_ecr_repository.app","mode":"managed","type":"aws_ecr_repository","name":"app","provider_name":"registry.terraform.io/hashicorp/aws","change":{"actions":["create"],"before":null,"after":{"encryption_configuration":[],"force_delete":null,"image_scanning_configuration":[{"scan_on_push":true}],"image_tag_mutability":"MUTABLE","image_tag_mutability_exclusion_filter":[],"region":"us-east-1","tags":null,"tags_all":{"Managed":"terraform","Project":"mlflow-server"},"timeouts":null},"after_unknown":{"arn":true,"encryption_configuration":[],"id":true,"image_scanning_configuration":[{}],"image_tag_mutability_exclusion_filter":[],"name":true,"registry_id":true,"repository_url":true,"tags_all":{}},"before_sensitive":false,"after_sensitive":{"encryption_configuration":[],"image_scanning_configuration":[{}],"image_tag_mutability_exclusion_filter":[],"tags_all":{}},"after_identity":{"account_id":null,"name":null,"region":null}}},{"address":"aws_iam_policy.s3_access","mode":"managed","type":"aws_iam_policy","name":"s3_access","provider_name":"registry.terraform.io/hashicorp/aws","change":{"actions":["create"],"before":null,"after":{"delay_after_policy_creation_in_ms":null,"description":null,"path":"/","tags":null,"tags_all":{"Managed":"terraform","Project":"mlflow-server"}},"after_unknown":{"arn":true,"attachment_count":true,"id":true,"name":true,"name_prefix":true,"policy":true,"policy_id":true,"tags_all":{}},"before_sensitive":false,"after_sensitive":{"tags_all":{}},"after_identity":{"arn":null}}},{"address":"aws_iam_role.apprunner","mode":"managed","type":"aws_iam_role","name":"apprunner","provider_name":"registry.terraform.io/hashicorp/aws","change":{"actions":["create"],"before":null,"after":{"assume_role_policy":"{\"Statement\":[{\"Action\":\"sts:AssumeRole\",\"Effect\":\"Allow\",\"Principal\":{\"Service\":[\"tasks.apprunner.amazonaws.com\",\"build.apprunner.amazonaws.com\"]}}],\"Version\":\"2012-10-17\"}","description":null,"force_detach_policies":false,"max_session_duration":3600,"path":"/","permissions_boundary":null,"tags":null,"tags_all":{"Managed":"terraform","Project":"mlflow-server"}},"after_unknown":{"arn":true,"create_date":true,"id":true,"inline_policy":true,"managed_policy_arns":true,"name":true,"name_prefix":true,"tags_all":{},"unique_id":true},"before_sensitive":false,"after_sensitive":{"inline_policy":[],"managed_policy_arns":[],"tags_all":{}},"after_identity":{"account_id":null,"name":null}}},{"address":"aws_iam_role_policy_attachment.apprunner_s3","mode":"managed","type":"aws_iam_role_policy_attachment","name":"apprunner_s3","provider_name":"registry.terraform.io/hashicorp/aws","change":{"actions":["create"],"before":null,"after":{},"after_unknown":{"id":true,"policy_arn":true,"role":true},"before_sensitive":false,"after_sensitive":{},"after_identity":{"account_id":null,"policy_arn":null,"role":null}}},{"address":"aws_rds_cluster.mlflow","mode":"managed","type":"aws_rds_cluster","name":"mlflow","provider_name":"registry.terraform.io/hashicorp/aws","change":{"actions":["create"],"before":null,"after":{"allow_major_version_upgrade":null,"backtrack_window":null,"copy_tags_to_snapshot":false,"database_name":"mlflow","db_cluster_instance_class":null,"db_instance_parameter_group_name":null,"delete_automated_backups":true,"deletion_protection":null,"domain":null,"domain_iam_role_name":null,"enable_global_write_forwarding":false,"enable_http_endpoint":false,"enable_local_write_forwarding":false,"enabled_cloudwatch_logs_exports":null,"engine":"aurora-postgresql","engine_mode":"provisioned","engine_version":"15.4","final_snapshot_identifier":null,"global_cluster_identifier":null,"iam_database_authentication_enabled":null,"iops":null,"manage_master_user_password":null,"master_password":"mlflowpassword123!","master_password_wo":null,"master_password_wo_version":null,"master_username":"mlflow","performance_insights_enabled":null,"region":"us-east-1","replication_source_identifier":null,"restore_to_point_in_time":[],"s3_import":[],"scaling_configuration":[],"serverlessv2_scaling_configuration":[{"max_capacity":1,"min_capacity":0.5}],"skip_final_snapshot":true,"snapshot_identifier":null,"source_region":null,"tags":null,"tags_all":{"Managed":"terraform","Project":"mlflow-server"},"timeouts":null},"after_unknown":{"allocated_storage":true,"apply_immediately":true,"arn":true,"availability_zones":true,"backup_retention_period":true,"ca_certificate_identifier":true,"ca_certificate_valid_till":true,"cluster_identifier":true,"cluster_identifier_prefix":true,"cluster_members":true,"cluster_resource_id":true,"cluster_scalability_type":true,"database_insights_mode":true,"db_cluster_parameter_group_name":true,"db_subnet_group_name":true,"db_system_id":true,"endpoint":true,"engine_lifecycle_support":true,"engine_version_actual":true,"hosted_zone_id":true,"iam_roles":true,"id":true,"kms_key_id":true,"master_user_secret":true,"master_user_secret_kms_key_id":true,"monitoring_interval":true,"monitoring_role_arn":true,"network_type":true,"performance_insights_kms_key_id":true,"performance_insights_retention_period":true,"port":true,"preferred_backup_window":true,"preferred_maintenance_window":true,"reader_endpoint":true,"restore_to_point_in_time":[],"s3_import":[],"scaling_configuration":[],"serverlessv2_scaling_configuration":[{"seconds_until_auto_pause":true}],"storage_encrypted":true,"storage_type":true,"tags_all":{},"upgrade_rollout_order":true,"vpc_security_group_ids":true},"before_sensitive":false,"after_sensitive":{"availability_zones":[],"cluster_members":[],"iam_roles":[],"master_password":true,"master_password_wo":true,"master_user_secret":[],"restore_to_point_in_time":[],"s3_import":[],"scaling_configuration":[],"serverlessv2_scaling_configuration":[{}],"tags_all":{},"vpc_security_group_ids":[]}}},{"address":"aws_rds_cluster_instance.mlflow","mode":"managed","type":"aws_rds_cluster_instance","name":"mlflow","provider_name":"registry.terraform.io/hashicorp/aws","change":{"actions":["create"],"before":null,"after":{"auto_minor_version_upgrade":true,"copy_tags_to_snapshot":false,"custom_iam_instance_profile":null,"engine":"aurora-postgresql","engine_version":"15.4","force_destroy":false,"instance_class":"db.serverless","monitoring_interval":0,"promotion_tier":0,"region":"us-east-1","tags":null,"tags_all":{"Managed":"terraform","Project":"mlflow-server"},"timeouts":null},"after_unknown":{"apply_immediately":true,"arn":true,"availability_zone":true,"ca_cert_identifier":true,"cluster_identifier":true,"db_parameter_group_name":true,"db_subnet_group_name":true,"dbi_resource_id":true,"endpoint":true,"engine_version_actual":true,"id":true,"identifier":true,"identifier_prefix":true,"kms_key_id":true,"monitoring_role_arn":true,"network_type":true,"performance_insights_enabled":true,"performance_insights_kms_key_id":true,"performance_insights_retention_period":true,"port":true,"preferred_backup_window":true,"preferred_maintenance_window":true,"publicly_accessible":true,"storage_encrypted":true,"tags_all":{},"writer":true},"before_sensitive":false,"after_sensitive":{"tags_all":{}}}},{"address":"aws_s3_bucket.artifacts","mode":"managed","type":"aws_s3_bucket","name":"artifacts","provider_name":"registry.terraform.io/hashicorp/aws","change":{"actions":["create"],"before":null,"after":{"force_destroy":true,"region":"us-east-1","tags":null,"tags_all":{"Managed":"terraform","Project":"mlflow-server"},"timeouts":null},"after_unknown":{"acceleration_status":true,"acl":true,"arn":true,"bucket":true,"bucket_domain_name":true,"bucket_prefix":true,"bucket_region":true,"bucket_regional_domain_name":true,"cors_rule":true,"grant":true,"hosted_zone_id":true,"id":true,"lifecycle_rule":true,"logging":true,"object_lock_configuration":true,"object_lock_enabled":true,"policy":true,"replication_configuration":true,"request_payer":true,"server_side_encryption_configuration":true,"tags_all":{},"versioning":true,"website":true,"website_domain":true,"website_endpoint":true},"before_sensitive":false,"after_sensitive":{"cors_rule":[],"grant":[],"lifecycle_rule":[],"logging":[],"object_lock_configuration":[],"replication_configuration":[],"server_side_encryption_configuration":[],"tags_all":{},"versioning":[],"website":[]},"after_identity":{"account_id":null,"bucket":null,"region":null}}},{"address":"aws_s3_bucket_public_access_block.artifacts","mode":"managed","type":"aws_s3_bucket_public_access_block","name":"artifacts","provider_name":"registry.terraform.io/hashicorp/aws","change":{"actions":["create"],"before":null,"after":{"block_public_acls":true,"block_public_policy":true,"ignore_public_acls":true,"region":"us-east-1","restrict_public_buckets":true,"skip_destroy":null},"after_unknown":{"bucket":true,"id":true},"before_sensitive":false,"after_sensitive":{},"after_identity":{"account_id":null,"bucket":null,"region":null}}},{"address":"random_id.suffix","mode":"managed","type":"random_id","name":"suffix","provider_name":"registry.terraform.io/hashicorp/random","change":{"actions":["create"],"before":null,"after":{"byte_length":4,"keepers":null,"prefix":null},"after_unknown":{"b64_std":true,"b64_url":true,"dec":true,"hex":true,"id":true},"before_sensitive":false,"after_sensitive":{}}}],"output_changes":{"apprunner_service_url":{"actions":["create"],"before":null,"after_unknown":true,"before_sensitive":false,"after_sensitive":false},"artifact_bucket_name":{"actions":["create"],"before":null,"after_unknown":true,"before_sensitive":false,"after_sensitive":false},"db_endpoint":{"actions":["create"],"before":null,"after_unknown":true,"before_sensitive":false,"after_sensitive":false},"ecr_repository_url":{"actions":["create"],"before":null,"after_unknown":true,"before_sensitive":false,"after_sensitive":false}},"prior_state":{"format_version":"1.0","terraform_version":"1.13.5","values":{"root_module":{"resources":[{"address":"data.aws_iam_policy_document.apprunner_assume","mode":"data","type":"aws_iam_policy_document","name":"apprunner_assume","provider_name":"registry.terraform.io/hashicorp/aws","schema_version":0,"values":{"id":"3816108838","json":"{\n  \"Version\": \"2012-10-17\",\n  \"Statement\": [\n    {\n      \"Effect\": \"Allow\",\n      \"Action\": \"sts:AssumeRole\",\n      \"Principal\": {\n        \"Service\": [\n          \"tasks.apprunner.amazonaws.com\",\n          \"build.apprunner.amazonaws.com\"\n        ]\n      }\n    }\n  ]\n}","minified_json":"{\"Version\":\"2012-10-17\",\"Statement\":[{\"Effect\":\"Allow\",\"Action\":\"sts:AssumeRole\",\"Principal\":{\"Service\":[\"tasks.apprunner.amazonaws.com\",\"build.apprunner.amazonaws.com\"]}}]}","override_json":null,"override_policy_documents":null,"policy_id":null,"source_json":null,"source_policy_documents":null,"statement":[{"actions":["sts:AssumeRole"],"condition":[],"effect":"Allow","not_actions":[],"not_principals":[],"not_resources":[],"principals":[{"identifiers":["build.apprunner.amazonaws.com","tasks.apprunner.amazonaws.com"],"type":"Service"}],"resources":[],"sid":""}],"version":"2012-10-17"},"sensitive_values":{"statement":[{"actions":[false],"condition":[],"not_actions":[],"not_principals":[],"not_resources":[],"principals":[{"identifiers":[false,false]}],"resources":[]}]}}]}}},"configuration":{"provider_config":{"aws":{"name":"aws","full_name":"registry.terraform.io/hashicorp/aws","version_constraint":"\u003e= 5.0.0","expressions":{"default_tags":[{"tags":{"references":["var.app_name"]}}],"region":{"references":["var.aws_region"]}}},"random":{"name":"random","full_name":"registry.terraform.io/hashicorp/random","version_constraint":"\u003e= 3.5.0"}},"root_module":{"outputs":{"apprunner_service_url":{"expression":{"references":["aws_apprunner_service.mlflow.service_url","aws_apprunner_service.mlflow"]},"description":"App Runner service URL"},"artifact_bucket_name":{"expression":{"references":["aws_s3_bucket.artifacts.bucket","aws_s3_bucket.artifacts"]},"description":"S3 bucket used for MLflow artifacts"},"db_endpoint":{"expression":{"references":["aws_rds_cluster.mlflow.endpoint","aws_rds_cluster.mlflow"]},"description":"RDS cluster endpoint"},"ecr_repository_url":{"expression":{"references":["aws_ecr_repository.app.repository_url","aws_ecr_repository.app"]},"description":"ECR repository URL (push your image with tag :latest)"}},"resources":[{"address":"aws_apprunner_service.mlflow","mode":"managed","type":"aws_apprunner_service","name":"mlflow","provider_config_key":"aws","expressions":{"instance_configuration":[{"instance_role_arn":{"references":["aws_iam_role.apprunner.arn","aws_iam_role.apprunner"]}}],"service_name":{"references":["local.name_prefix"]},"source_configuration":[{"authentication_configuration":[{"access_role_arn":{"references":["aws_iam_role.apprunner.arn","aws_iam_role.apprunner"]}}],"image_repository":[{"image_configuration":[{"port":{"references":["var.container_port"]},"runtime_environment_variables":{"references":["var.container_port","aws_s3_bucket.artifacts.bucket","aws_s3_bucket.artifacts","aws_rds_cluster.mlflow.master_username","aws_rds_cluster.mlflow","aws_rds_cluster.mlflow.master_password","aws_rds_cluster.mlflow","aws_rds_cluster.mlflow.endpoint","aws_rds_cluster.mlflow","aws_rds_cluster.mlflow.database_name","aws_rds_cluster.mlflow","var.mlflow_username","var.mlflow_password"]}}],"image_identifier":{"references":["aws_ecr_repository.app.repository_url","aws_ecr_repository.app"]},"image_repository_type":{"constant_value":"ECR"}}]}]},"schema_version":0},{"address":"aws_ecr_repository.app","mode":"managed","type":"aws_ecr_repository","name":"app","provider_config_key":"aws","expressions":{"image_scanning_configuration":[{"scan_on_push":{"constant_value":true}}],"image_tag_mutability":{"constant_value":"MUTABLE"},"name":{"references":["local.name_prefix"]}},"schema_version":0},{"address":"aws_iam_policy.s3_access","mode":"managed","type":"aws_iam_policy","name":"s3_access","provider_config_key":"aws","expressions":{"name":{"references":["local.name_prefix"]},"policy":{"references":["data.aws_iam_policy_document.s3_access.json","data.aws_iam_policy_document.s3_access"]}},"schema_version":0},{"address":"aws_iam_role.apprunner","mode":"managed","type":"aws_iam_role","name":"apprunner","provider_config_key":"aws","expressions":{"assume_role_policy":{"references":["data.aws_iam_policy_document.apprunner_assume.json","data.aws_iam_policy_document.apprunner_assume"]},"name":{"references":["local.name_prefix"]}},"schema_version":0},{"address":"aws_iam_role_policy_attachment.apprunner_s3","mode":"managed","type":"aws_iam_role_policy_attachment","name":"apprunner_s3","provider_config_key":"aws","expressions":{"policy_arn":{"references":["aws_iam_policy.s3_access.arn","aws_iam_policy.s3_access"]},"role":{"references":["aws_iam_role.apprunner.name","aws_iam_role.apprunner"]}},"schema_version":0},{"address":"aws_rds_cluster.mlflow","mode":"managed","type":"aws_rds_cluster","name":"mlflow","provider_config_key":"aws","expressions":{"cluster_identifier":{"references":["local.name_prefix"]},"database_name":{"constant_value":"mlflow"},"engine":{"constant_value":"aurora-postgresql"},"engine_version":{"constant_value":"15.4"},"master_password":{"constant_value":"mlflowpassword123!"},"master_username":{"constant_value":"mlflow"},"serverlessv2_scaling_configuration":[{"max_capacity":{"constant_value":1},"min_capacity":{"constant_value":0.5}}],"skip_final_snapshot":{"constant_value":true}},"schema_version":1},{"address":"aws_rds_cluster_instance.mlflow","mode":"managed","type":"aws_rds_cluster_instance","name":"mlflow","provider_config_key":"aws","expressions":{"cluster_identifier":{"references":["aws_rds_cluster.mlflow.id","aws_rds_cluster.mlflow"]},"engine":{"references":["aws_rds_cluster.mlflow.engine","aws_rds_cluster.mlflow"]},"engine_version":{"references":["aws_rds_cluster.mlflow.engine_version","aws_rds_cluster.mlflow"]},"identifier":{"references":["local.name_prefix"]},"instance_class":{"constant_value":"db.serverless"}},"schema_version":0},{"address":"aws_s3_bucket.artifacts","mode":"managed","type":"aws_s3_bucket","name":"artifacts","provider_config_key":"aws","expressions":{"bucket":{"references":["local.name_prefix"]},"force_destroy":{"constant_value":true}},"schema_version":0},{"address":"aws_s3_bucket_public_access_block.artifacts","mode":"managed","type":"aws_s3_bucket_public_access_block","name":"artifacts","provider_config_key":"aws","expressions":{"block_public_acls":{"constant_value":true},"block_public_policy":{"constant_value":true},"bucket":{"references":["aws_s3_bucket.artifacts.id","aws_s3_bucket.artifacts"]},"ignore_public_acls":{"constant_value":true},"restrict_public_buckets":{"constant_value":true}},"schema_version":0},{"address":"random_id.suffix","mode":"managed","type":"random_id","name":"suffix","provider_config_key":"random","expressions":{"byte_length":{"constant_value":4}},"schema_version":0},{"address":"data.aws_iam_policy_document.apprunner_assume","mode":"data","type":"aws_iam_policy_document","name":"apprunner_assume","provider_config_key":"aws","expressions":{"statement":[{"actions":{"constant_value":["sts:AssumeRole"]},"effect":{"constant_value":"Allow"},"principals":[{"identifiers":{"constant_value":["build.apprunner.amazonaws.com","tasks.apprunner.amazonaws.com"]},"type":{"constant_value":"Service"}}]}]},"schema_version":0},{"address":"data.aws_iam_policy_document.s3_access","mode":"data","type":"aws_iam_policy_document","name":"s3_access","provider_config_key":"aws","expressions":{"statement":[{"actions":{"constant_value":["s3:ListBucket"]},"effect":{"constant_value":"Allow"},"resources":{"references":["aws_s3_bucket.artifacts.arn","aws_s3_bucket.artifacts"]}},{"actions":{"constant_value":["s3:GetObject","s3:PutObject","s3:DeleteObject"]},"effect":{"constant_value":"Allow"},"resources":{"references":["aws_s3_bucket.artifacts.arn","aws_s3_bucket.artifacts"]}}]},"schema_version":0}],"variables":{"app_name":{"default":"mlflow-server","description":"Application name used for naming/tagging"},"aws_region":{"default":"us-east-1","description":"AWS region"},"container_port":{"default":80,"description":"Port exposed by the container / App Runner service"},"mlflow_password":{"default":"mlflow","description":"Comma-delimited list of passwords for HTTP basic auth (must align with usernames)","sensitive":true},"mlflow_username":{"default":"mlflow","description":"Comma-delimited list of usernames for HTTP basic auth"}}}},"relevant_attributes":[{"resource":"aws_ecr_repository.app","attribute":["repository_url"]},{"resource":"aws_iam_role.apprunner","attribute":["name"]},{"resource":"aws_rds_cluster.mlflow","attribute":["engine"]},{"resource":"aws_apprunner_service.mlflow","attribute":["service_url"]},{"resource":"aws_rds_cluster.mlflow","attribute":["endpoint"]},{"resource":"aws_rds_cluster.mlflow","attribute":["master_password"]},{"resource":"aws_rds_cluster.mlflow","attribute":["master_username"]},{"resource":"aws_s3_bucket.artifacts","attribute":["arn"]},{"resource":"data.aws_iam_policy_document.s3_access","attribute":["json"]},{"resource":"aws_rds_cluster.mlflow","attribute":["id"]},{"resource":"aws_s3_bucket.artifacts","attribute":["id"]},{"resource":"aws_iam_policy.s3_access","attribute":["arn"]},{"resource":"aws_rds_cluster.mlflow","attribute":["database_name"]},{"resource":"aws_rds_cluster.mlflow","attribute":["engine_version"]},{"resource":"data.aws_iam_policy_document.apprunner_assume","attribute":["json"]},{"resource":"random_id.suffix","attribute":["hex"]},{"resource":"aws_iam_role.apprunner","attribute":["arn"]},{"resource":"aws_s3_bucket.artifacts","attribute":["bucket"]}],"timestamp":"2026-01-25T13:03:41Z","applyable":true,"complete":true,"errored":false}
