{"format_version":"1.2","terraform_version":"1.13.5","variables":{"affinity":{"value":{}},"name":{"value":"template"},"namespace":{"value":"template"},"overrides":{"value":{}}},"planned_values":{"root_module":{"resources":[{"address":"helm_release.metrics_server","mode":"managed","type":"helm_release","name":"metrics_server","provider_name":"registry.terraform.io/hashicorp/helm","schema_version":1,"values":{"atomic":false,"chart":"metrics-server","cleanup_on_fail":false,"create_namespace":true,"dependency_update":false,"description":null,"devel":null,"disable_crd_hooks":false,"disable_openapi_validation":false,"disable_webhooks":false,"force_update":false,"keyring":null,"lint":false,"max_history":0,"name":"template","namespace":"template","pass_credentials":false,"postrender":[],"recreate_pods":false,"render_subchart_notes":true,"replace":false,"repository":"https://kubernetes-sigs.github.io/metrics-server/","repository_ca_file":null,"repository_cert_file":null,"repository_key_file":null,"repository_password":null,"repository_username":null,"reset_values":false,"reuse_values":false,"set":[],"set_list":[],"set_sensitive":[],"skip_crds":false,"status":"deployed","timeout":300,"values":["\"affinity\":\n  \"nodeAffinity\":\n    \"requiredDuringSchedulingIgnoredDuringExecution\":\n      \"nodeSelectorTerms\":\n      - \"matchExpressions\":\n        - \"key\": \"eks.amazonaws.com/nodegroup\"\n          \"operator\": \"In\"\n          \"values\":\n          - \"general\"\n","{}\n"],"verify":false,"version":"3.11.0","wait":true,"wait_for_jobs":false},"sensitive_values":{"metadata":[],"postrender":[],"repository_password":true,"set":[],"set_list":[],"set_sensitive":[],"values":[false,false]}}]}},"resource_changes":[{"address":"helm_release.metrics_server","mode":"managed","type":"helm_release","name":"metrics_server","provider_name":"registry.terraform.io/hashicorp/helm","change":{"actions":["create"],"before":null,"after":{"atomic":false,"chart":"metrics-server","cleanup_on_fail":false,"create_namespace":true,"dependency_update":false,"description":null,"devel":null,"disable_crd_hooks":false,"disable_openapi_validation":false,"disable_webhooks":false,"force_update":false,"keyring":null,"lint":false,"max_history":0,"name":"template","namespace":"template","pass_credentials":false,"postrender":[],"recreate_pods":false,"render_subchart_notes":true,"replace":false,"repository":"https://kubernetes-sigs.github.io/metrics-server/","repository_ca_file":null,"repository_cert_file":null,"repository_key_file":null,"repository_password":null,"repository_username":null,"reset_values":false,"reuse_values":false,"set":[],"set_list":[],"set_sensitive":[],"skip_crds":false,"status":"deployed","timeout":300,"values":["\"affinity\":\n  \"nodeAffinity\":\n    \"requiredDuringSchedulingIgnoredDuringExecution\":\n      \"nodeSelectorTerms\":\n      - \"matchExpressions\":\n        - \"key\": \"eks.amazonaws.com/nodegroup\"\n          \"operator\": \"In\"\n          \"values\":\n          - \"general\"\n","{}\n"],"verify":false,"version":"3.11.0","wait":true,"wait_for_jobs":false},"after_unknown":{"id":true,"manifest":true,"metadata":true,"postrender":[],"set":[],"set_list":[],"set_sensitive":[],"values":[false,false]},"before_sensitive":false,"after_sensitive":{"metadata":[],"postrender":[],"repository_password":true,"set":[],"set_list":[],"set_sensitive":[],"values":[false,false]}}}],"configuration":{"provider_config":{"aws":{"name":"aws","full_name":"registry.terraform.io/hashicorp/aws","expressions":{"access_key":{"constant_value":"mock"},"endpoints":[{"apigateway":{"constant_value":"http://localhost:4566"},"apigatewayv2":{"constant_value":"http://localhost:4566"},"cloudwatch":{"constant_value":"http://localhost:4566"},"cloudwatchevents":{"constant_value":"http://localhost:4566"},"dynamodb":{"constant_value":"http://localhost:4566"},"ec2":{"constant_value":"http://localhost:4566"},"ecr":{"constant_value":"http://localhost:4566"},"ecrpublic":{"constant_value":"http://localhost:4566"},"ecs":{"constant_value":"http://localhost:4566"},"efs":{"constant_value":"http://localhost:4566"},"iam":{"constant_value":"http://localhost:4566"},"kinesis":{"constant_value":"http://localhost:4566"},"kms":{"constant_value":"http://localhost:4566"},"lambda":{"constant_value":"http://localhost:4566"},"logs":{"constant_value":"http://localhost:4566"},"route53":{"constant_value":"http://localhost:4566"},"s3":{"constant_value":"http://localhost:4566"},"s3control":{"constant_value":"http://localhost:4566"},"secretsmanager":{"constant_value":"http://localhost:4566"},"sns":{"constant_value":"http://localhost:4566"},"sqs":{"constant_value":"http://localhost:4566"},"ssm":{"constant_value":"http://localhost:4566"},"sts":{"constant_value":"http://localhost:4566"}}],"region":{"constant_value":"us-east-1"},"s3_use_path_style":{"constant_value":true},"secret_key":{"constant_value":"mock"},"skip_credentials_validation":{"constant_value":true},"skip_metadata_api_check":{"constant_value":true},"skip_region_validation":{"constant_value":true},"skip_requesting_account_id":{"constant_value":true}}},"helm":{"name":"helm","full_name":"registry.terraform.io/hashicorp/helm","version_constraint":"2.10.1"}},"root_module":{"resources":[{"address":"helm_release.metrics_server","mode":"managed","type":"helm_release","name":"metrics_server","provider_config_key":"helm","expressions":{"chart":{"constant_value":"metrics-server"},"create_namespace":{"constant_value":true},"name":{"references":["local.name"]},"namespace":{"references":["local.namespace"]},"repository":{"constant_value":"https://kubernetes-sigs.github.io/metrics-server/"},"values":{"references":["local.affinity.enabled","local.affinity","local.affinity.selector.default","local.affinity.selector","local.affinity","local.overrides"]},"version":{"constant_value":"3.11.0"}},"schema_version":1}],"variables":{"affinity":{"default":{"enabled":false,"selector":"general"}},"name":{},"namespace":{},"overrides":{"default":{}}}}},"checks":[{"address":{"kind":"var","name":"affinity","to_display":"var.affinity"},"status":"pass","instances":[{"address":{"to_display":"var.affinity"},"status":"pass"}]}],"timestamp":"2026-01-23T13:50:55Z","applyable":true,"complete":true,"errored":false}
