{"format_version":"1.2","terraform_version":"1.13.5","variables":{"app_name":{"value":"clickhouse-challenge"},"aws_region":{"value":"us-east-1"}},"planned_values":{"outputs":{"aws_region":{"sensitive":false,"type":"string","value":"us-east-1"},"s3_artifacts_bucket_name":{"sensitive":false}},"root_module":{"resources":[{"address":"aws_s3_bucket.artifacts","mode":"managed","type":"aws_s3_bucket","name":"artifacts","provider_name":"registry.terraform.io/hashicorp/aws","schema_version":0,"values":{"force_destroy":true,"tags":null,"tags_all":{"ManagedBy":"terraform","Project":"clickhouse-challenge"},"timeouts":null},"sensitive_values":{"cors_rule":[],"grant":[],"lifecycle_rule":[],"logging":[],"object_lock_configuration":[],"replication_configuration":[],"server_side_encryption_configuration":[],"tags_all":{},"versioning":[],"website":[]}},{"address":"aws_s3_bucket_public_access_block.artifacts","mode":"managed","type":"aws_s3_bucket_public_access_block","name":"artifacts","provider_name":"registry.terraform.io/hashicorp/aws","schema_version":0,"values":{"block_public_acls":true,"block_public_policy":true,"ignore_public_acls":true,"restrict_public_buckets":true},"sensitive_values":{}},{"address":"aws_s3_bucket_server_side_encryption_configuration.artifacts","mode":"managed","type":"aws_s3_bucket_server_side_encryption_configuration","name":"artifacts","provider_name":"registry.terraform.io/hashicorp/aws","schema_version":0,"values":{"expected_bucket_owner":null,"rule":[{"apply_server_side_encryption_by_default":[{"kms_master_key_id":"","sse_algorithm":"AES256"}],"bucket_key_enabled":null}]},"sensitive_values":{"rule":[{"apply_server_side_encryption_by_default":[{}]}]}},{"address":"aws_s3_bucket_versioning.artifacts","mode":"managed","type":"aws_s3_bucket_versioning","name":"artifacts","provider_name":"registry.terraform.io/hashicorp/aws","schema_version":0,"values":{"expected_bucket_owner":null,"mfa":null,"versioning_configuration":[{"status":"Enabled"}]},"sensitive_values":{"versioning_configuration":[{}]}},{"address":"random_id.suffix","mode":"managed","type":"random_id","name":"suffix","provider_name":"registry.terraform.io/hashicorp/random","schema_version":0,"values":{"byte_length":4,"keepers":null,"prefix":null},"sensitive_values":{}}]}},"resource_changes":[{"address":"aws_s3_bucket.artifacts","mode":"managed","type":"aws_s3_bucket","name":"artifacts","provider_name":"registry.terraform.io/hashicorp/aws","change":{"actions":["create"],"before":null,"after":{"force_destroy":true,"tags":null,"tags_all":{"ManagedBy":"terraform","Project":"clickhouse-challenge"},"timeouts":null},"after_unknown":{"acceleration_status":true,"acl":true,"arn":true,"bucket":true,"bucket_domain_name":true,"bucket_prefix":true,"bucket_regional_domain_name":true,"cors_rule":true,"grant":true,"hosted_zone_id":true,"id":true,"lifecycle_rule":true,"logging":true,"object_lock_configuration":true,"object_lock_enabled":true,"policy":true,"region":true,"replication_configuration":true,"request_payer":true,"server_side_encryption_configuration":true,"tags_all":{},"versioning":true,"website":true,"website_domain":true,"website_endpoint":true},"before_sensitive":false,"after_sensitive":{"cors_rule":[],"grant":[],"lifecycle_rule":[],"logging":[],"object_lock_configuration":[],"replication_configuration":[],"server_side_encryption_configuration":[],"tags_all":{},"versioning":[],"website":[]}}},{"address":"aws_s3_bucket_public_access_block.artifacts","mode":"managed","type":"aws_s3_bucket_public_access_block","name":"artifacts","provider_name":"registry.terraform.io/hashicorp/aws","change":{"actions":["create"],"before":null,"after":{"block_public_acls":true,"block_public_policy":true,"ignore_public_acls":true,"restrict_public_buckets":true},"after_unknown":{"bucket":true,"id":true},"before_sensitive":false,"after_sensitive":{}}},{"address":"aws_s3_bucket_server_side_encryption_configuration.artifacts","mode":"managed","type":"aws_s3_bucket_server_side_encryption_configuration","name":"artifacts","provider_name":"registry.terraform.io/hashicorp/aws","change":{"actions":["create"],"before":null,"after":{"expected_bucket_owner":null,"rule":[{"apply_server_side_encryption_by_default":[{"kms_master_key_id":"","sse_algorithm":"AES256"}],"bucket_key_enabled":null}]},"after_unknown":{"bucket":true,"id":true,"rule":[{"apply_server_side_encryption_by_default":[{}]}]},"before_sensitive":false,"after_sensitive":{"rule":[{"apply_server_side_encryption_by_default":[{}]}]}}},{"address":"aws_s3_bucket_versioning.artifacts","mode":"managed","type":"aws_s3_bucket_versioning","name":"artifacts","provider_name":"registry.terraform.io/hashicorp/aws","change":{"actions":["create"],"before":null,"after":{"expected_bucket_owner":null,"mfa":null,"versioning_configuration":[{"status":"Enabled"}]},"after_unknown":{"bucket":true,"id":true,"versioning_configuration":[{"mfa_delete":true}]},"before_sensitive":false,"after_sensitive":{"versioning_configuration":[{}]}}},{"address":"random_id.suffix","mode":"managed","type":"random_id","name":"suffix","provider_name":"registry.terraform.io/hashicorp/random","change":{"actions":["create"],"before":null,"after":{"byte_length":4,"keepers":null,"prefix":null},"after_unknown":{"b64_std":true,"b64_url":true,"dec":true,"hex":true,"id":true},"before_sensitive":false,"after_sensitive":{}}}],"output_changes":{"aws_region":{"actions":["create"],"before":null,"after":"us-east-1","after_unknown":false,"before_sensitive":false,"after_sensitive":false},"s3_artifacts_bucket_name":{"actions":["create"],"before":null,"after_unknown":true,"before_sensitive":false,"after_sensitive":false}},"prior_state":{"format_version":"1.0","terraform_version":"1.13.5","values":{"outputs":{"aws_region":{"sensitive":false,"value":"us-east-1","type":"string"}},"root_module":{}}},"configuration":{"provider_config":{"aws":{"name":"aws","full_name":"registry.terraform.io/hashicorp/aws","version_constraint":"~\u003e 5.0","expressions":{"default_tags":[{"tags":{"references":["var.app_name"]}}],"region":{"references":["var.aws_region"]}}},"random":{"name":"random","full_name":"registry.terraform.io/hashicorp/random","version_constraint":"~\u003e 3.6"}},"root_module":{"outputs":{"aws_region":{"expression":{"references":["var.aws_region"]},"description":"AWS region used by the provider."},"s3_artifacts_bucket_name":{"expression":{"references":["aws_s3_bucket.artifacts.bucket","aws_s3_bucket.artifacts"]},"description":"S3 bucket for storing datasets/notebook artifacts."}},"resources":[{"address":"aws_s3_bucket.artifacts","mode":"managed","type":"aws_s3_bucket","name":"artifacts","provider_config_key":"aws","expressions":{"bucket":{"references":["var.app_name","random_id.suffix.hex","random_id.suffix"]},"force_destroy":{"constant_value":true}},"schema_version":0},{"address":"aws_s3_bucket_public_access_block.artifacts","mode":"managed","type":"aws_s3_bucket_public_access_block","name":"artifacts","provider_config_key":"aws","expressions":{"block_public_acls":{"constant_value":true},"block_public_policy":{"constant_value":true},"bucket":{"references":["aws_s3_bucket.artifacts.id","aws_s3_bucket.artifacts"]},"ignore_public_acls":{"constant_value":true},"restrict_public_buckets":{"constant_value":true}},"schema_version":0},{"address":"aws_s3_bucket_server_side_encryption_configuration.artifacts","mode":"managed","type":"aws_s3_bucket_server_side_encryption_configuration","name":"artifacts","provider_config_key":"aws","expressions":{"bucket":{"references":["aws_s3_bucket.artifacts.id","aws_s3_bucket.artifacts"]},"rule":[{"apply_server_side_encryption_by_default":[{"sse_algorithm":{"constant_value":"AES256"}}]}]},"schema_version":0},{"address":"aws_s3_bucket_versioning.artifacts","mode":"managed","type":"aws_s3_bucket_versioning","name":"artifacts","provider_config_key":"aws","expressions":{"bucket":{"references":["aws_s3_bucket.artifacts.id","aws_s3_bucket.artifacts"]},"versioning_configuration":[{"status":{"constant_value":"Enabled"}}]},"schema_version":0},{"address":"random_id.suffix","mode":"managed","type":"random_id","name":"suffix","provider_config_key":"random","expressions":{"byte_length":{"constant_value":4}},"schema_version":0}],"variables":{"app_name":{"default":"clickhouse-challenge","description":"A short name used to prefix/tag resources."},"aws_region":{"default":"us-east-1","description":"AWS region to deploy into."}}}},"relevant_attributes":[{"resource":"aws_s3_bucket.artifacts","attribute":["bucket"]},{"resource":"aws_s3_bucket.artifacts","attribute":["id"]},{"resource":"random_id.suffix","attribute":["hex"]}],"timestamp":"2026-01-25T13:40:34Z","applyable":true,"complete":true,"errored":false}
